=== RUN   TestTerraformConnectorExample
TestTerraformConnectorExample 2022-08-03T16:02:05Z retry.go:91: terraform [init -upgrade=false]
TestTerraformConnectorExample 2022-08-03T16:02:05Z logger.go:66: Running command terraform with args [init -upgrade=false]
TestTerraformConnectorExample 2022-08-03T16:02:05Z logger.go:66: [0m[1mInitializing modules...[0m
TestTerraformConnectorExample 2022-08-03T16:02:06Z logger.go:66:
TestTerraformConnectorExample 2022-08-03T16:02:06Z logger.go:66: [0m[1mInitializing the backend...[0m
TestTerraformConnectorExample 2022-08-03T16:02:07Z logger.go:66:
TestTerraformConnectorExample 2022-08-03T16:02:07Z logger.go:66: [0m[1mInitializing provider plugins...[0m
TestTerraformConnectorExample 2022-08-03T16:02:07Z logger.go:66: - Reusing previous version of hashicorp/kubernetes from the dependency lock file
TestTerraformConnectorExample 2022-08-03T16:02:08Z logger.go:66: - Reusing previous version of hashicorp/helm from the dependency lock file
TestTerraformConnectorExample 2022-08-03T16:02:08Z logger.go:66: - Using previously-installed hashicorp/kubernetes v2.12.1
TestTerraformConnectorExample 2022-08-03T16:02:08Z logger.go:66: - Using previously-installed hashicorp/helm v2.6.0
TestTerraformConnectorExample 2022-08-03T16:02:08Z logger.go:66:
TestTerraformConnectorExample 2022-08-03T16:02:08Z logger.go:66: [0m[1m[32mTerraform has been successfully initialized![0m[32m[0m
TestTerraformConnectorExample 2022-08-03T16:02:08Z logger.go:66: [0m[32m
TestTerraformConnectorExample 2022-08-03T16:02:08Z logger.go:66: You may now begin working with Terraform. Try running "terraform plan" to see
TestTerraformConnectorExample 2022-08-03T16:02:08Z logger.go:66: any changes that are required for your infrastructure. All Terraform commands
TestTerraformConnectorExample 2022-08-03T16:02:08Z logger.go:66: should now work.
TestTerraformConnectorExample 2022-08-03T16:02:08Z logger.go:66:
TestTerraformConnectorExample 2022-08-03T16:02:08Z logger.go:66: If you ever set or change modules or backend configuration for Terraform,
TestTerraformConnectorExample 2022-08-03T16:02:08Z logger.go:66: rerun this command to reinitialize your working directory. If you forget, other
TestTerraformConnectorExample 2022-08-03T16:02:08Z logger.go:66: commands will detect it and remind you to do so if necessary.[0m
TestTerraformConnectorExample 2022-08-03T16:02:08Z retry.go:91: terraform [apply -input=false -auto-approve -no-color -lock=false]
TestTerraformConnectorExample 2022-08-03T16:02:08Z logger.go:66: Running command terraform with args [apply -input=false -auto-approve -no-color -lock=false]
TestTerraformConnectorExample 2022-08-03T16:02:14Z logger.go:66:
TestTerraformConnectorExample 2022-08-03T16:02:14Z logger.go:66: Terraform used the selected providers to generate the following execution
TestTerraformConnectorExample 2022-08-03T16:02:14Z logger.go:66: plan. Resource actions are indicated with the following symbols:
TestTerraformConnectorExample 2022-08-03T16:02:14Z logger.go:66:   + create
TestTerraformConnectorExample 2022-08-03T16:02:14Z logger.go:66:  <= read (data resources)
TestTerraformConnectorExample 2022-08-03T16:02:14Z logger.go:66:
TestTerraformConnectorExample 2022-08-03T16:02:14Z logger.go:66: Terraform will perform the following actions:
TestTerraformConnectorExample 2022-08-03T16:02:14Z logger.go:66:
TestTerraformConnectorExample 2022-08-03T16:02:14Z logger.go:66:   # module.confluent_platform.data.kubernetes_resource.components["connect"] will be read during apply
TestTerraformConnectorExample 2022-08-03T16:02:14Z logger.go:66:   # (depends on a resource or a module with changes pending)
TestTerraformConnectorExample 2022-08-03T16:02:14Z logger.go:66:  <= data "kubernetes_resource" "components" {
TestTerraformConnectorExample 2022-08-03T16:02:14Z logger.go:66:       + api_version = "platform.confluent.io/v1beta1"
TestTerraformConnectorExample 2022-08-03T16:02:14Z logger.go:66:       + kind        = "Connect"
TestTerraformConnectorExample 2022-08-03T16:02:14Z logger.go:66:       + object      = (known after apply)
TestTerraformConnectorExample 2022-08-03T16:02:14Z logger.go:66:
TestTerraformConnectorExample 2022-08-03T16:02:14Z logger.go:66:       + metadata {
TestTerraformConnectorExample 2022-08-03T16:02:14Z logger.go:66:           + name      = "connect"
TestTerraformConnectorExample 2022-08-03T16:02:14Z logger.go:66:           + namespace = "confluent"
TestTerraformConnectorExample 2022-08-03T16:02:14Z logger.go:66:         }
TestTerraformConnectorExample 2022-08-03T16:02:14Z logger.go:66:     }
TestTerraformConnectorExample 2022-08-03T16:02:14Z logger.go:66:
TestTerraformConnectorExample 2022-08-03T16:02:14Z logger.go:66:   # module.confluent_platform.data.kubernetes_resource.components["kafka"] will be read during apply
TestTerraformConnectorExample 2022-08-03T16:02:14Z logger.go:66:   # (depends on a resource or a module with changes pending)
TestTerraformConnectorExample 2022-08-03T16:02:14Z logger.go:66:  <= data "kubernetes_resource" "components" {
TestTerraformConnectorExample 2022-08-03T16:02:14Z logger.go:66:       + api_version = "platform.confluent.io/v1beta1"
TestTerraformConnectorExample 2022-08-03T16:02:14Z logger.go:66:       + kind        = "Kafka"
TestTerraformConnectorExample 2022-08-03T16:02:14Z logger.go:66:       + object      = (known after apply)
TestTerraformConnectorExample 2022-08-03T16:02:14Z logger.go:66:
TestTerraformConnectorExample 2022-08-03T16:02:14Z logger.go:66:       + metadata {
TestTerraformConnectorExample 2022-08-03T16:02:14Z logger.go:66:           + name      = "kafka"
TestTerraformConnectorExample 2022-08-03T16:02:14Z logger.go:66:           + namespace = "confluent"
TestTerraformConnectorExample 2022-08-03T16:02:14Z logger.go:66:         }
TestTerraformConnectorExample 2022-08-03T16:02:14Z logger.go:66:     }
TestTerraformConnectorExample 2022-08-03T16:02:14Z logger.go:66:
TestTerraformConnectorExample 2022-08-03T16:02:14Z logger.go:66:   # module.confluent_platform.data.kubernetes_resource.components["zookeeper"] will be read during apply
TestTerraformConnectorExample 2022-08-03T16:02:14Z logger.go:66:   # (depends on a resource or a module with changes pending)
TestTerraformConnectorExample 2022-08-03T16:02:14Z logger.go:66:  <= data "kubernetes_resource" "components" {
TestTerraformConnectorExample 2022-08-03T16:02:14Z logger.go:66:       + api_version = "platform.confluent.io/v1beta1"
TestTerraformConnectorExample 2022-08-03T16:02:14Z logger.go:66:       + kind        = "Zookeeper"
TestTerraformConnectorExample 2022-08-03T16:02:14Z logger.go:66:       + object      = (known after apply)
TestTerraformConnectorExample 2022-08-03T16:02:14Z logger.go:66:
TestTerraformConnectorExample 2022-08-03T16:02:14Z logger.go:66:       + metadata {
TestTerraformConnectorExample 2022-08-03T16:02:14Z logger.go:66:           + name      = "zookeeper"
TestTerraformConnectorExample 2022-08-03T16:02:14Z logger.go:66:           + namespace = "confluent"
TestTerraformConnectorExample 2022-08-03T16:02:14Z logger.go:66:         }
TestTerraformConnectorExample 2022-08-03T16:02:14Z logger.go:66:     }
TestTerraformConnectorExample 2022-08-03T16:02:14Z logger.go:66:
TestTerraformConnectorExample 2022-08-03T16:02:14Z logger.go:66:   # module.confluent_platform.kubernetes_manifest.components["connect"] will be created
TestTerraformConnectorExample 2022-08-03T16:02:14Z logger.go:66:   + resource "kubernetes_manifest" "components" {
TestTerraformConnectorExample 2022-08-03T16:02:14Z logger.go:66:       + computed_fields = [
TestTerraformConnectorExample 2022-08-03T16:02:14Z logger.go:66:           + "metadata.finalizers",
TestTerraformConnectorExample 2022-08-03T16:02:14Z logger.go:66:         ]
TestTerraformConnectorExample 2022-08-03T16:02:14Z logger.go:66:       + manifest        = {
TestTerraformConnectorExample 2022-08-03T16:02:14Z logger.go:66:           + apiVersion = "platform.confluent.io/v1beta1"
TestTerraformConnectorExample 2022-08-03T16:02:14Z logger.go:66:           + kind       = "Connect"
TestTerraformConnectorExample 2022-08-03T16:02:14Z logger.go:66:           + metadata   = {
TestTerraformConnectorExample 2022-08-03T16:02:14Z logger.go:66:               + name      = "connect"
TestTerraformConnectorExample 2022-08-03T16:02:14Z logger.go:66:               + namespace = "confluent"
TestTerraformConnectorExample 2022-08-03T16:02:14Z logger.go:66:             }
TestTerraformConnectorExample 2022-08-03T16:02:14Z logger.go:66:           + spec       = {
TestTerraformConnectorExample 2022-08-03T16:02:14Z logger.go:66:               + build        = {
TestTerraformConnectorExample 2022-08-03T16:02:14Z logger.go:66:                   + onDemand = {
TestTerraformConnectorExample 2022-08-03T16:02:14Z logger.go:66:                       + plugins = {
TestTerraformConnectorExample 2022-08-03T16:02:14Z logger.go:66:                           + confluentHub = [
TestTerraformConnectorExample 2022-08-03T16:02:14Z logger.go:66:                               + {
TestTerraformConnectorExample 2022-08-03T16:02:14Z logger.go:66:                                   + name    = "debezium-connector-postgresql"
TestTerraformConnectorExample 2022-08-03T16:02:14Z logger.go:66:                                   + owner   = "debezium"
TestTerraformConnectorExample 2022-08-03T16:02:14Z logger.go:66:                                   + version = "1.9.3"
TestTerraformConnectorExample 2022-08-03T16:02:14Z logger.go:66:                                 },
TestTerraformConnectorExample 2022-08-03T16:02:14Z logger.go:66:                             ]
TestTerraformConnectorExample 2022-08-03T16:02:14Z logger.go:66:                           + locationType = "confluentHub"
TestTerraformConnectorExample 2022-08-03T16:02:14Z logger.go:66:                         }
TestTerraformConnectorExample 2022-08-03T16:02:14Z logger.go:66:                     }
TestTerraformConnectorExample 2022-08-03T16:02:14Z logger.go:66:                   + type     = "onDemand"
TestTerraformConnectorExample 2022-08-03T16:02:14Z logger.go:66:                 }
TestTerraformConnectorExample 2022-08-03T16:02:14Z logger.go:66:               + dependencies = {
TestTerraformConnectorExample 2022-08-03T16:02:14Z logger.go:66:                   + kafka = {
TestTerraformConnectorExample 2022-08-03T16:02:14Z logger.go:66:                       + bootstrapEndpoint = "kafka:9071"
TestTerraformConnectorExample 2022-08-03T16:02:14Z logger.go:66:                     }
TestTerraformConnectorExample 2022-08-03T16:02:14Z logger.go:66:                 }
TestTerraformConnectorExample 2022-08-03T16:02:14Z logger.go:66:               + image        = {
TestTerraformConnectorExample 2022-08-03T16:02:14Z logger.go:66:                   + application = "confluentinc/cp-server-connect:7.2.0"
TestTerraformConnectorExample 2022-08-03T16:02:14Z logger.go:66:                   + init        = "confluentinc/confluent-init-container:2.4.0"
TestTerraformConnectorExample 2022-08-03T16:02:14Z logger.go:66:                 }
TestTerraformConnectorExample 2022-08-03T16:02:14Z logger.go:66:               + replicas     = 1
TestTerraformConnectorExample 2022-08-03T16:02:14Z logger.go:66:             }
TestTerraformConnectorExample 2022-08-03T16:02:14Z logger.go:66:         }
TestTerraformConnectorExample 2022-08-03T16:02:14Z logger.go:66:       + object          = {
TestTerraformConnectorExample 2022-08-03T16:02:14Z logger.go:66:           + apiVersion = "platform.confluent.io/v1beta1"
TestTerraformConnectorExample 2022-08-03T16:02:14Z logger.go:66:           + kind       = "Connect"
TestTerraformConnectorExample 2022-08-03T16:02:14Z logger.go:66:           + metadata   = {
TestTerraformConnectorExample 2022-08-03T16:02:14Z logger.go:66:               + annotations                = (known after apply)
TestTerraformConnectorExample 2022-08-03T16:02:14Z logger.go:66:               + clusterName                = (known after apply)
TestTerraformConnectorExample 2022-08-03T16:02:14Z logger.go:66:               + creationTimestamp          = (known after apply)
TestTerraformConnectorExample 2022-08-03T16:02:14Z logger.go:66:               + deletionGracePeriodSeconds = (known after apply)
TestTerraformConnectorExample 2022-08-03T16:02:14Z logger.go:66:               + deletionTimestamp          = (known after apply)
TestTerraformConnectorExample 2022-08-03T16:02:14Z logger.go:66:               + finalizers                 = (known after apply)
TestTerraformConnectorExample 2022-08-03T16:02:14Z logger.go:66:               + generateName               = (known after apply)
TestTerraformConnectorExample 2022-08-03T16:02:14Z logger.go:66:               + generation                 = (known after apply)
TestTerraformConnectorExample 2022-08-03T16:02:14Z logger.go:66:               + labels                     = (known after apply)
TestTerraformConnectorExample 2022-08-03T16:02:14Z logger.go:66:               + managedFields              = (known after apply)
TestTerraformConnectorExample 2022-08-03T16:02:14Z logger.go:66:               + name                       = "connect"
TestTerraformConnectorExample 2022-08-03T16:02:14Z logger.go:66:               + namespace                  = "confluent"
TestTerraformConnectorExample 2022-08-03T16:02:14Z logger.go:66:               + ownerReferences            = (known after apply)
TestTerraformConnectorExample 2022-08-03T16:02:14Z logger.go:66:               + resourceVersion            = (known after apply)
TestTerraformConnectorExample 2022-08-03T16:02:14Z logger.go:66:               + selfLink                   = (known after apply)
TestTerraformConnectorExample 2022-08-03T16:02:14Z logger.go:66:               + uid                        = (known after apply)
TestTerraformConnectorExample 2022-08-03T16:02:14Z logger.go:66:             }
TestTerraformConnectorExample 2022-08-03T16:02:14Z logger.go:66:           + spec       = {
TestTerraformConnectorExample 2022-08-03T16:02:14Z logger.go:66:               + authentication                 = {
TestTerraformConnectorExample 2022-08-03T16:02:14Z logger.go:66:                   + basic = {
TestTerraformConnectorExample 2022-08-03T16:02:14Z logger.go:66:                       + debug                    = (known after apply)
TestTerraformConnectorExample 2022-08-03T16:02:14Z logger.go:66:                       + directoryPathInContainer = (known after apply)
TestTerraformConnectorExample 2022-08-03T16:02:14Z logger.go:66:                       + restrictedRoles          = (known after apply)
TestTerraformConnectorExample 2022-08-03T16:02:14Z logger.go:66:                       + roles                    = (known after apply)
TestTerraformConnectorExample 2022-08-03T16:02:14Z logger.go:66:                       + secretRef                = (known after apply)
TestTerraformConnectorExample 2022-08-03T16:02:14Z logger.go:66:                     }
TestTerraformConnectorExample 2022-08-03T16:02:14Z logger.go:66:                   + type  = (known after apply)
TestTerraformConnectorExample 2022-08-03T16:02:14Z logger.go:66:                 }
TestTerraformConnectorExample 2022-08-03T16:02:14Z logger.go:66:               + authorization                  = {
TestTerraformConnectorExample 2022-08-03T16:02:14Z logger.go:66:                   + kafkaRestClassRef = {
TestTerraformConnectorExample 2022-08-03T16:02:14Z logger.go:66:                       + name      = (known after apply)
TestTerraformConnectorExample 2022-08-03T16:02:14Z logger.go:66:                       + namespace = (known after apply)
TestTerraformConnectorExample 2022-08-03T16:02:14Z logger.go:66:                     }
TestTerraformConnectorExample 2022-08-03T16:02:14Z logger.go:66:                   + type              = (known after apply)
TestTerraformConnectorExample 2022-08-03T16:02:14Z logger.go:66:                 }
TestTerraformConnectorExample 2022-08-03T16:02:14Z logger.go:66:               + build                          = {
TestTerraformConnectorExample 2022-08-03T16:02:14Z logger.go:66:                   + onDemand = {
TestTerraformConnectorExample 2022-08-03T16:02:14Z logger.go:66:                       + plugins      = {
TestTerraformConnectorExample 2022-08-03T16:02:14Z logger.go:66:                           + confluentHub = [
TestTerraformConnectorExample 2022-08-03T16:02:14Z logger.go:66:                               + {
TestTerraformConnectorExample 2022-08-03T16:02:14Z logger.go:66:                                   + name    = "debezium-connector-postgresql"
TestTerraformConnectorExample 2022-08-03T16:02:14Z logger.go:66:                                   + owner   = "debezium"
TestTerraformConnectorExample 2022-08-03T16:02:14Z logger.go:66:                                   + version = "1.9.3"
TestTerraformConnectorExample 2022-08-03T16:02:14Z logger.go:66:                                 },
TestTerraformConnectorExample 2022-08-03T16:02:14Z logger.go:66:                             ]
TestTerraformConnectorExample 2022-08-03T16:02:14Z logger.go:66:                           + locationType = "confluentHub"
TestTerraformConnectorExample 2022-08-03T16:02:14Z logger.go:66:                           + url          = (known after apply)
TestTerraformConnectorExample 2022-08-03T16:02:14Z logger.go:66:                         }
TestTerraformConnectorExample 2022-08-03T16:02:14Z logger.go:66:                       + storageLimit = (known after apply)
TestTerraformConnectorExample 2022-08-03T16:02:14Z logger.go:66:                     }
TestTerraformConnectorExample 2022-08-03T16:02:14Z logger.go:66:                   + type     = "onDemand"
TestTerraformConnectorExample 2022-08-03T16:02:14Z logger.go:66:                 }
TestTerraformConnectorExample 2022-08-03T16:02:14Z logger.go:66:               + configOverrides                = {
TestTerraformConnectorExample 2022-08-03T16:02:14Z logger.go:66:                   + jvm    = (known after apply)
TestTerraformConnectorExample 2022-08-03T16:02:14Z logger.go:66:                   + log4j  = (known after apply)
TestTerraformConnectorExample 2022-08-03T16:02:14Z logger.go:66:                   + server = (known after apply)
TestTerraformConnectorExample 2022-08-03T16:02:14Z logger.go:66:                 }
TestTerraformConnectorExample 2022-08-03T16:02:14Z logger.go:66:               + connectorOverridePolicy        = (known after apply)
TestTerraformConnectorExample 2022-08-03T16:02:14Z logger.go:66:               + connectorTLSCerts              = (known after apply)
TestTerraformConnectorExample 2022-08-03T16:02:14Z logger.go:66:               + dependencies                   = {
TestTerraformConnectorExample 2022-08-03T16:02:14Z logger.go:66:                   + admin          = {
TestTerraformConnectorExample 2022-08-03T16:02:14Z logger.go:66:                       + authentication    = {
TestTerraformConnectorExample 2022-08-03T16:02:14Z logger.go:66:                           + jaasConfig            = {
TestTerraformConnectorExample 2022-08-03T16:02:14Z logger.go:66:                               + secretRef = (known after apply)
TestTerraformConnectorExample 2022-08-03T16:02:14Z logger.go:66:                             }
TestTerraformConnectorExample 2022-08-03T16:02:14Z logger.go:66:                           + jaasConfigPassThrough = {
TestTerraformConnectorExample 2022-08-03T16:02:14Z logger.go:66:                               + directoryPathInContainer = (known after apply)
TestTerraformConnectorExample 2022-08-03T16:02:14Z logger.go:66:                               + secretRef                = (known after apply)
TestTerraformConnectorExample 2022-08-03T16:02:14Z logger.go:66:                             }
TestTerraformConnectorExample 2022-08-03T16:02:14Z logger.go:66:                           + oauthbearer           = {
TestTerraformConnectorExample 2022-08-03T16:02:14Z logger.go:66:                               + directoryPathInContainer = (known after apply)
TestTerraformConnectorExample 2022-08-03T16:02:14Z logger.go:66:                               + secretRef                = (known after apply)
TestTerraformConnectorExample 2022-08-03T16:02:14Z logger.go:66:                             }
TestTerraformConnectorExample 2022-08-03T16:02:14Z logger.go:66:                           + type                  = (known after apply)
TestTerraformConnectorExample 2022-08-03T16:02:14Z logger.go:66:                         }
TestTerraformConnectorExample 2022-08-03T16:02:14Z logger.go:66:                       + bootstrapEndpoint = (known after apply)
TestTerraformConnectorExample 2022-08-03T16:02:14Z logger.go:66:                       + discovery         = {
TestTerraformConnectorExample 2022-08-03T16:02:14Z logger.go:66:                           + name      = (known after apply)
TestTerraformConnectorExample 2022-08-03T16:02:14Z logger.go:66:                           + namespace = (known after apply)
TestTerraformConnectorExample 2022-08-03T16:02:14Z logger.go:66:                           + secretRef = (known after apply)
TestTerraformConnectorExample 2022-08-03T16:02:14Z logger.go:66:                         }
TestTerraformConnectorExample 2022-08-03T16:02:14Z logger.go:66:                       + tls               = {
TestTerraformConnectorExample 2022-08-03T16:02:14Z logger.go:66:                           + directoryPathInContainer = (known after apply)
TestTerraformConnectorExample 2022-08-03T16:02:14Z logger.go:66:                           + enabled                  = (known after apply)
TestTerraformConnectorExample 2022-08-03T16:02:14Z logger.go:66:                           + ignoreTrustStoreConfig   = (known after apply)
TestTerraformConnectorExample 2022-08-03T16:02:14Z logger.go:66:                           + jksPassword              = {
TestTerraformConnectorExample 2022-08-03T16:02:14Z logger.go:66:                               + secretRef = (known after apply)
TestTerraformConnectorExample 2022-08-03T16:02:14Z logger.go:66:                             }
TestTerraformConnectorExample 2022-08-03T16:02:14Z logger.go:66:                           + secretRef                = (known after apply)
TestTerraformConnectorExample 2022-08-03T16:02:14Z logger.go:66:                         }
TestTerraformConnectorExample 2022-08-03T16:02:14Z logger.go:66:                     }
TestTerraformConnectorExample 2022-08-03T16:02:14Z logger.go:66:                   + consumer       = {
TestTerraformConnectorExample 2022-08-03T16:02:14Z logger.go:66:                       + authentication    = {
TestTerraformConnectorExample 2022-08-03T16:02:14Z logger.go:66:                           + jaasConfig            = {
TestTerraformConnectorExample 2022-08-03T16:02:14Z logger.go:66:                               + secretRef = (known after apply)
TestTerraformConnectorExample 2022-08-03T16:02:14Z logger.go:66:                             }
TestTerraformConnectorExample 2022-08-03T16:02:14Z logger.go:66:                           + jaasConfigPassThrough = {
TestTerraformConnectorExample 2022-08-03T16:02:14Z logger.go:66:                               + directoryPathInContainer = (known after apply)
TestTerraformConnectorExample 2022-08-03T16:02:14Z logger.go:66:                               + secretRef                = (known after apply)
TestTerraformConnectorExample 2022-08-03T16:02:14Z logger.go:66:                             }
TestTerraformConnectorExample 2022-08-03T16:02:14Z logger.go:66:                           + oauthbearer           = {
TestTerraformConnectorExample 2022-08-03T16:02:14Z logger.go:66:                               + directoryPathInContainer = (known after apply)
TestTerraformConnectorExample 2022-08-03T16:02:14Z logger.go:66:                               + secretRef                = (known after apply)
TestTerraformConnectorExample 2022-08-03T16:02:14Z logger.go:66:                             }
TestTerraformConnectorExample 2022-08-03T16:02:14Z logger.go:66:                           + type                  = (known after apply)
TestTerraformConnectorExample 2022-08-03T16:02:14Z logger.go:66:                         }
TestTerraformConnectorExample 2022-08-03T16:02:14Z logger.go:66:                       + bootstrapEndpoint = (known after apply)
TestTerraformConnectorExample 2022-08-03T16:02:14Z logger.go:66:                       + discovery         = {
TestTerraformConnectorExample 2022-08-03T16:02:14Z logger.go:66:                           + name      = (known after apply)
TestTerraformConnectorExample 2022-08-03T16:02:14Z logger.go:66:                           + namespace = (known after apply)
TestTerraformConnectorExample 2022-08-03T16:02:14Z logger.go:66:                           + secretRef = (known after apply)
TestTerraformConnectorExample 2022-08-03T16:02:14Z logger.go:66:                         }
TestTerraformConnectorExample 2022-08-03T16:02:14Z logger.go:66:                       + tls               = {
TestTerraformConnectorExample 2022-08-03T16:02:14Z logger.go:66:                           + directoryPathInContainer = (known after apply)
TestTerraformConnectorExample 2022-08-03T16:02:14Z logger.go:66:                           + enabled                  = (known after apply)
TestTerraformConnectorExample 2022-08-03T16:02:14Z logger.go:66:                           + ignoreTrustStoreConfig   = (known after apply)
TestTerraformConnectorExample 2022-08-03T16:02:14Z logger.go:66:                           + jksPassword              = {
TestTerraformConnectorExample 2022-08-03T16:02:14Z logger.go:66:                               + secretRef = (known after apply)
TestTerraformConnectorExample 2022-08-03T16:02:14Z logger.go:66:                             }
TestTerraformConnectorExample 2022-08-03T16:02:14Z logger.go:66:                           + secretRef                = (known after apply)
TestTerraformConnectorExample 2022-08-03T16:02:14Z logger.go:66:                         }
TestTerraformConnectorExample 2022-08-03T16:02:14Z logger.go:66:                     }
TestTerraformConnectorExample 2022-08-03T16:02:14Z logger.go:66:                   + interceptor    = {
TestTerraformConnectorExample 2022-08-03T16:02:14Z logger.go:66:                       + configs   = (known after apply)
TestTerraformConnectorExample 2022-08-03T16:02:14Z logger.go:66:                       + consumer  = {
TestTerraformConnectorExample 2022-08-03T16:02:14Z logger.go:66:                           + authentication    = {
TestTerraformConnectorExample 2022-08-03T16:02:14Z logger.go:66:                               + jaasConfig            = {
TestTerraformConnectorExample 2022-08-03T16:02:14Z logger.go:66:                                   + secretRef = (known after apply)
TestTerraformConnectorExample 2022-08-03T16:02:14Z logger.go:66:                                 }
TestTerraformConnectorExample 2022-08-03T16:02:14Z logger.go:66:                               + jaasConfigPassThrough = {
TestTerraformConnectorExample 2022-08-03T16:02:14Z logger.go:66:                                   + directoryPathInContainer = (known after apply)
TestTerraformConnectorExample 2022-08-03T16:02:14Z logger.go:66:                                   + secretRef                = (known after apply)
TestTerraformConnectorExample 2022-08-03T16:02:14Z logger.go:66:                                 }
TestTerraformConnectorExample 2022-08-03T16:02:14Z logger.go:66:                               + oauthbearer           = {
TestTerraformConnectorExample 2022-08-03T16:02:14Z logger.go:66:                                   + directoryPathInContainer = (known after apply)
TestTerraformConnectorExample 2022-08-03T16:02:14Z logger.go:66:                                   + secretRef                = (known after apply)
TestTerraformConnectorExample 2022-08-03T16:02:14Z logger.go:66:                                 }
TestTerraformConnectorExample 2022-08-03T16:02:14Z logger.go:66:                               + type                  = (known after apply)
TestTerraformConnectorExample 2022-08-03T16:02:14Z logger.go:66:                             }
TestTerraformConnectorExample 2022-08-03T16:02:14Z logger.go:66:                           + bootstrapEndpoint = (known after apply)
TestTerraformConnectorExample 2022-08-03T16:02:14Z logger.go:66:                           + discovery         = {
TestTerraformConnectorExample 2022-08-03T16:02:14Z logger.go:66:                               + name      = (known after apply)
TestTerraformConnectorExample 2022-08-03T16:02:14Z logger.go:66:                               + namespace = (known after apply)
TestTerraformConnectorExample 2022-08-03T16:02:14Z logger.go:66:                               + secretRef = (known after apply)
TestTerraformConnectorExample 2022-08-03T16:02:14Z logger.go:66:                             }
TestTerraformConnectorExample 2022-08-03T16:02:14Z logger.go:66:                           + tls               = {
TestTerraformConnectorExample 2022-08-03T16:02:14Z logger.go:66:                               + directoryPathInContainer = (known after apply)
TestTerraformConnectorExample 2022-08-03T16:02:14Z logger.go:66:                               + enabled                  = (known after apply)
TestTerraformConnectorExample 2022-08-03T16:02:14Z logger.go:66:                               + ignoreTrustStoreConfig   = (known after apply)
TestTerraformConnectorExample 2022-08-03T16:02:14Z logger.go:66:                               + jksPassword              = {
TestTerraformConnectorExample 2022-08-03T16:02:14Z logger.go:66:                                   + secretRef = (known after apply)
TestTerraformConnectorExample 2022-08-03T16:02:14Z logger.go:66:                                 }
TestTerraformConnectorExample 2022-08-03T16:02:14Z logger.go:66:                               + secretRef                = (known after apply)
TestTerraformConnectorExample 2022-08-03T16:02:14Z logger.go:66:                             }
TestTerraformConnectorExample 2022-08-03T16:02:14Z logger.go:66:                         }
TestTerraformConnectorExample 2022-08-03T16:02:14Z logger.go:66:                       + enabled   = (known after apply)
TestTerraformConnectorExample 2022-08-03T16:02:14Z logger.go:66:                       + producer  = {
TestTerraformConnectorExample 2022-08-03T16:02:14Z logger.go:66:                           + authentication    = {
TestTerraformConnectorExample 2022-08-03T16:02:14Z logger.go:66:                               + jaasConfig            = {
TestTerraformConnectorExample 2022-08-03T16:02:14Z logger.go:66:                                   + secretRef = (known after apply)
TestTerraformConnectorExample 2022-08-03T16:02:14Z logger.go:66:                                 }
TestTerraformConnectorExample 2022-08-03T16:02:14Z logger.go:66:                               + jaasConfigPassThrough = {
TestTerraformConnectorExample 2022-08-03T16:02:14Z logger.go:66:                                   + directoryPathInContainer = (known after apply)
TestTerraformConnectorExample 2022-08-03T16:02:14Z logger.go:66:                                   + secretRef                = (known after apply)
TestTerraformConnectorExample 2022-08-03T16:02:14Z logger.go:66:                                 }
TestTerraformConnectorExample 2022-08-03T16:02:14Z logger.go:66:                               + oauthbearer           = {
TestTerraformConnectorExample 2022-08-03T16:02:14Z logger.go:66:                                   + directoryPathInContainer = (known after apply)
TestTerraformConnectorExample 2022-08-03T16:02:14Z logger.go:66:                                   + secretRef                = (known after apply)
TestTerraformConnectorExample 2022-08-03T16:02:14Z logger.go:66:                                 }
TestTerraformConnectorExample 2022-08-03T16:02:14Z logger.go:66:                               + type                  = (known after apply)
TestTerraformConnectorExample 2022-08-03T16:02:14Z logger.go:66:                             }
TestTerraformConnectorExample 2022-08-03T16:02:14Z logger.go:66:                           + bootstrapEndpoint = (known after apply)
TestTerraformConnectorExample 2022-08-03T16:02:14Z logger.go:66:                           + discovery         = {
TestTerraformConnectorExample 2022-08-03T16:02:14Z logger.go:66:                               + name      = (known after apply)
TestTerraformConnectorExample 2022-08-03T16:02:14Z logger.go:66:                               + namespace = (known after apply)
TestTerraformConnectorExample 2022-08-03T16:02:14Z logger.go:66:                               + secretRef = (known after apply)
TestTerraformConnectorExample 2022-08-03T16:02:14Z logger.go:66:                             }
TestTerraformConnectorExample 2022-08-03T16:02:14Z logger.go:66:                           + tls               = {
TestTerraformConnectorExample 2022-08-03T16:02:14Z logger.go:66:                               + directoryPathInContainer = (known after apply)
TestTerraformConnectorExample 2022-08-03T16:02:14Z logger.go:66:                               + enabled                  = (known after apply)
TestTerraformConnectorExample 2022-08-03T16:02:14Z logger.go:66:                               + ignoreTrustStoreConfig   = (known after apply)
TestTerraformConnectorExample 2022-08-03T16:02:14Z logger.go:66:                               + jksPassword              = {
TestTerraformConnectorExample 2022-08-03T16:02:14Z logger.go:66:                                   + secretRef = (known after apply)
TestTerraformConnectorExample 2022-08-03T16:02:14Z logger.go:66:                                 }
TestTerraformConnectorExample 2022-08-03T16:02:14Z logger.go:66:                               + secretRef                = (known after apply)
TestTerraformConnectorExample 2022-08-03T16:02:14Z logger.go:66:                             }
TestTerraformConnectorExample 2022-08-03T16:02:14Z logger.go:66:                         }
TestTerraformConnectorExample 2022-08-03T16:02:14Z logger.go:66:                       + publishMs = (known after apply)
TestTerraformConnectorExample 2022-08-03T16:02:14Z logger.go:66:                     }
TestTerraformConnectorExample 2022-08-03T16:02:14Z logger.go:66:                   + kafka          = {
TestTerraformConnectorExample 2022-08-03T16:02:14Z logger.go:66:                       + authentication    = {
TestTerraformConnectorExample 2022-08-03T16:02:14Z logger.go:66:                           + jaasConfig            = {
TestTerraformConnectorExample 2022-08-03T16:02:14Z logger.go:66:                               + secretRef = (known after apply)
TestTerraformConnectorExample 2022-08-03T16:02:14Z logger.go:66:                             }
TestTerraformConnectorExample 2022-08-03T16:02:14Z logger.go:66:                           + jaasConfigPassThrough = {
TestTerraformConnectorExample 2022-08-03T16:02:14Z logger.go:66:                               + directoryPathInContainer = (known after apply)
TestTerraformConnectorExample 2022-08-03T16:02:14Z logger.go:66:                               + secretRef                = (known after apply)
TestTerraformConnectorExample 2022-08-03T16:02:14Z logger.go:66:                             }
TestTerraformConnectorExample 2022-08-03T16:02:14Z logger.go:66:                           + oauthbearer           = {
TestTerraformConnectorExample 2022-08-03T16:02:14Z logger.go:66:                               + directoryPathInContainer = (known after apply)
TestTerraformConnectorExample 2022-08-03T16:02:14Z logger.go:66:                               + secretRef                = (known after apply)
TestTerraformConnectorExample 2022-08-03T16:02:14Z logger.go:66:                             }
TestTerraformConnectorExample 2022-08-03T16:02:14Z logger.go:66:                           + type                  = (known after apply)
TestTerraformConnectorExample 2022-08-03T16:02:14Z logger.go:66:                         }
TestTerraformConnectorExample 2022-08-03T16:02:14Z logger.go:66:                       + bootstrapEndpoint = "kafka:9071"
TestTerraformConnectorExample 2022-08-03T16:02:14Z logger.go:66:                       + discovery         = {
TestTerraformConnectorExample 2022-08-03T16:02:14Z logger.go:66:                           + name      = (known after apply)
TestTerraformConnectorExample 2022-08-03T16:02:14Z logger.go:66:                           + namespace = (known after apply)
TestTerraformConnectorExample 2022-08-03T16:02:14Z logger.go:66:                           + secretRef = (known after apply)
TestTerraformConnectorExample 2022-08-03T16:02:14Z logger.go:66:                         }
TestTerraformConnectorExample 2022-08-03T16:02:14Z logger.go:66:                       + tls               = {
TestTerraformConnectorExample 2022-08-03T16:02:14Z logger.go:66:                           + directoryPathInContainer = (known after apply)
TestTerraformConnectorExample 2022-08-03T16:02:14Z logger.go:66:                           + enabled                  = (known after apply)
TestTerraformConnectorExample 2022-08-03T16:02:14Z logger.go:66:                           + ignoreTrustStoreConfig   = (known after apply)
TestTerraformConnectorExample 2022-08-03T16:02:14Z logger.go:66:                           + jksPassword              = {
TestTerraformConnectorExample 2022-08-03T16:02:14Z logger.go:66:                               + secretRef = (known after apply)
TestTerraformConnectorExample 2022-08-03T16:02:14Z logger.go:66:                             }
TestTerraformConnectorExample 2022-08-03T16:02:14Z logger.go:66:                           + secretRef                = (known after apply)
TestTerraformConnectorExample 2022-08-03T16:02:14Z logger.go:66:                         }
TestTerraformConnectorExample 2022-08-03T16:02:14Z logger.go:66:                     }
TestTerraformConnectorExample 2022-08-03T16:02:14Z logger.go:66:                   + mds            = {
TestTerraformConnectorExample 2022-08-03T16:02:14Z logger.go:66:                       + authentication = {
TestTerraformConnectorExample 2022-08-03T16:02:14Z logger.go:66:                           + bearer = {
TestTerraformConnectorExample 2022-08-03T16:02:14Z logger.go:66:                               + directoryPathInContainer = (known after apply)
TestTerraformConnectorExample 2022-08-03T16:02:14Z logger.go:66:                               + secretRef                = (known after apply)
TestTerraformConnectorExample 2022-08-03T16:02:14Z logger.go:66:                             }
TestTerraformConnectorExample 2022-08-03T16:02:14Z logger.go:66:                           + type   = (known after apply)
TestTerraformConnectorExample 2022-08-03T16:02:14Z logger.go:66:                         }
TestTerraformConnectorExample 2022-08-03T16:02:14Z logger.go:66:                       + endpoint       = (known after apply)
TestTerraformConnectorExample 2022-08-03T16:02:14Z logger.go:66:                       + tls            = {
TestTerraformConnectorExample 2022-08-03T16:02:14Z logger.go:66:                           + directoryPathInContainer = (known after apply)
TestTerraformConnectorExample 2022-08-03T16:02:14Z logger.go:66:                           + enabled                  = (known after apply)
TestTerraformConnectorExample 2022-08-03T16:02:14Z logger.go:66:                           + ignoreTrustStoreConfig   = (known after apply)
TestTerraformConnectorExample 2022-08-03T16:02:14Z logger.go:66:                           + jksPassword              = {
TestTerraformConnectorExample 2022-08-03T16:02:14Z logger.go:66:                               + secretRef = (known after apply)
TestTerraformConnectorExample 2022-08-03T16:02:14Z logger.go:66:                             }
TestTerraformConnectorExample 2022-08-03T16:02:14Z logger.go:66:                           + secretRef                = (known after apply)
TestTerraformConnectorExample 2022-08-03T16:02:14Z logger.go:66:                         }
TestTerraformConnectorExample 2022-08-03T16:02:14Z logger.go:66:                       + tokenKeyPair   = {
TestTerraformConnectorExample 2022-08-03T16:02:14Z logger.go:66:                           + directoryPathInContainer = (known after apply)
TestTerraformConnectorExample 2022-08-03T16:02:14Z logger.go:66:                           + secretRef                = (known after apply)
TestTerraformConnectorExample 2022-08-03T16:02:14Z logger.go:66:                         }
TestTerraformConnectorExample 2022-08-03T16:02:14Z logger.go:66:                     }
TestTerraformConnectorExample 2022-08-03T16:02:14Z logger.go:66:                   + producer       = {
TestTerraformConnectorExample 2022-08-03T16:02:14Z logger.go:66:                       + authentication    = {
TestTerraformConnectorExample 2022-08-03T16:02:14Z logger.go:66:                           + jaasConfig            = {
TestTerraformConnectorExample 2022-08-03T16:02:14Z logger.go:66:                               + secretRef = (known after apply)
TestTerraformConnectorExample 2022-08-03T16:02:14Z logger.go:66:                             }
TestTerraformConnectorExample 2022-08-03T16:02:14Z logger.go:66:                           + jaasConfigPassThrough = {
TestTerraformConnectorExample 2022-08-03T16:02:14Z logger.go:66:                               + directoryPathInContainer = (known after apply)
TestTerraformConnectorExample 2022-08-03T16:02:14Z logger.go:66:                               + secretRef                = (known after apply)
TestTerraformConnectorExample 2022-08-03T16:02:14Z logger.go:66:                             }
TestTerraformConnectorExample 2022-08-03T16:02:14Z logger.go:66:                           + oauthbearer           = {
TestTerraformConnectorExample 2022-08-03T16:02:14Z logger.go:66:                               + directoryPathInContainer = (known after apply)
TestTerraformConnectorExample 2022-08-03T16:02:14Z logger.go:66:                               + secretRef                = (known after apply)
TestTerraformConnectorExample 2022-08-03T16:02:14Z logger.go:66:                             }
TestTerraformConnectorExample 2022-08-03T16:02:14Z logger.go:66:                           + type                  = (known after apply)
TestTerraformConnectorExample 2022-08-03T16:02:14Z logger.go:66:                         }
TestTerraformConnectorExample 2022-08-03T16:02:14Z logger.go:66:                       + bootstrapEndpoint = (known after apply)
TestTerraformConnectorExample 2022-08-03T16:02:14Z logger.go:66:                       + discovery         = {
TestTerraformConnectorExample 2022-08-03T16:02:14Z logger.go:66:                           + name      = (known after apply)
TestTerraformConnectorExample 2022-08-03T16:02:14Z logger.go:66:                           + namespace = (known after apply)
TestTerraformConnectorExample 2022-08-03T16:02:14Z logger.go:66:                           + secretRef = (known after apply)
TestTerraformConnectorExample 2022-08-03T16:02:14Z logger.go:66:                         }
TestTerraformConnectorExample 2022-08-03T16:02:14Z logger.go:66:                       + tls               = {
TestTerraformConnectorExample 2022-08-03T16:02:14Z logger.go:66:                           + directoryPathInContainer = (known after apply)
TestTerraformConnectorExample 2022-08-03T16:02:14Z logger.go:66:                           + enabled                  = (known after apply)
TestTerraformConnectorExample 2022-08-03T16:02:14Z logger.go:66:                           + ignoreTrustStoreConfig   = (known after apply)
TestTerraformConnectorExample 2022-08-03T16:02:14Z logger.go:66:                           + jksPassword              = {
TestTerraformConnectorExample 2022-08-03T16:02:14Z logger.go:66:                               + secretRef = (known after apply)
TestTerraformConnectorExample 2022-08-03T16:02:14Z logger.go:66:                             }
TestTerraformConnectorExample 2022-08-03T16:02:14Z logger.go:66:                           + secretRef                = (known after apply)
TestTerraformConnectorExample 2022-08-03T16:02:14Z logger.go:66:                         }
TestTerraformConnectorExample 2022-08-03T16:02:14Z logger.go:66:                     }
TestTerraformConnectorExample 2022-08-03T16:02:14Z logger.go:66:                   + schemaRegistry = {
TestTerraformConnectorExample 2022-08-03T16:02:14Z logger.go:66:                       + authentication = {
TestTerraformConnectorExample 2022-08-03T16:02:14Z logger.go:66:                           + basic = {
TestTerraformConnectorExample 2022-08-03T16:02:14Z logger.go:66:                               + debug                    = (known after apply)
TestTerraformConnectorExample 2022-08-03T16:02:14Z logger.go:66:                               + directoryPathInContainer = (known after apply)
TestTerraformConnectorExample 2022-08-03T16:02:14Z logger.go:66:                               + restrictedRoles          = (known after apply)
TestTerraformConnectorExample 2022-08-03T16:02:14Z logger.go:66:                               + roles                    = (known after apply)
TestTerraformConnectorExample 2022-08-03T16:02:14Z logger.go:66:                               + secretRef                = (known after apply)
TestTerraformConnectorExample 2022-08-03T16:02:14Z logger.go:66:                             }
TestTerraformConnectorExample 2022-08-03T16:02:14Z logger.go:66:                           + type  = (known after apply)
TestTerraformConnectorExample 2022-08-03T16:02:14Z logger.go:66:                         }
TestTerraformConnectorExample 2022-08-03T16:02:14Z logger.go:66:                       + tls            = {
TestTerraformConnectorExample 2022-08-03T16:02:14Z logger.go:66:                           + directoryPathInContainer = (known after apply)
TestTerraformConnectorExample 2022-08-03T16:02:14Z logger.go:66:                           + enabled                  = (known after apply)
TestTerraformConnectorExample 2022-08-03T16:02:14Z logger.go:66:                           + ignoreTrustStoreConfig   = (known after apply)
TestTerraformConnectorExample 2022-08-03T16:02:14Z logger.go:66:                           + jksPassword              = {
TestTerraformConnectorExample 2022-08-03T16:02:14Z logger.go:66:                               + secretRef = (known after apply)
TestTerraformConnectorExample 2022-08-03T16:02:14Z logger.go:66:                             }
TestTerraformConnectorExample 2022-08-03T16:02:14Z logger.go:66:                           + secretRef                = (known after apply)
TestTerraformConnectorExample 2022-08-03T16:02:14Z logger.go:66:                         }
TestTerraformConnectorExample 2022-08-03T16:02:14Z logger.go:66:                       + url            = (known after apply)
TestTerraformConnectorExample 2022-08-03T16:02:14Z logger.go:66:                     }
TestTerraformConnectorExample 2022-08-03T16:02:14Z logger.go:66:                 }
TestTerraformConnectorExample 2022-08-03T16:02:14Z logger.go:66:               + enableSchemas                  = (known after apply)
TestTerraformConnectorExample 2022-08-03T16:02:14Z logger.go:66:               + externalAccess                 = {
TestTerraformConnectorExample 2022-08-03T16:02:14Z logger.go:66:                   + loadBalancer = {
TestTerraformConnectorExample 2022-08-03T16:02:14Z logger.go:66:                       + advertisedURL            = {
TestTerraformConnectorExample 2022-08-03T16:02:14Z logger.go:66:                           + enabled = (known after apply)
TestTerraformConnectorExample 2022-08-03T16:02:14Z logger.go:66:                           + prefix  = (known after apply)
TestTerraformConnectorExample 2022-08-03T16:02:14Z logger.go:66:                         }
TestTerraformConnectorExample 2022-08-03T16:02:14Z logger.go:66:                       + annotations              = (known after apply)
TestTerraformConnectorExample 2022-08-03T16:02:14Z logger.go:66:                       + domain                   = (known after apply)
TestTerraformConnectorExample 2022-08-03T16:02:14Z logger.go:66:                       + externalTrafficPolicy    = (known after apply)
TestTerraformConnectorExample 2022-08-03T16:02:14Z logger.go:66:                       + labels                   = (known after apply)
TestTerraformConnectorExample 2022-08-03T16:02:14Z logger.go:66:                       + loadBalancerSourceRanges = (known after apply)
TestTerraformConnectorExample 2022-08-03T16:02:14Z logger.go:66:                       + port                     = (known after apply)
TestTerraformConnectorExample 2022-08-03T16:02:14Z logger.go:66:                       + prefix                   = (known after apply)
TestTerraformConnectorExample 2022-08-03T16:02:14Z logger.go:66:                       + servicePorts             = (known after apply)
TestTerraformConnectorExample 2022-08-03T16:02:14Z logger.go:66:                       + sessionAffinity          = (known after apply)
TestTerraformConnectorExample 2022-08-03T16:02:14Z logger.go:66:                       + sessionAffinityConfig    = {
TestTerraformConnectorExample 2022-08-03T16:02:14Z logger.go:66:                           + clientIP = {
TestTerraformConnectorExample 2022-08-03T16:02:14Z logger.go:66:                               + timeoutSeconds = (known after apply)
TestTerraformConnectorExample 2022-08-03T16:02:14Z logger.go:66:                             }
TestTerraformConnectorExample 2022-08-03T16:02:14Z logger.go:66:                         }
TestTerraformConnectorExample 2022-08-03T16:02:14Z logger.go:66:                     }
TestTerraformConnectorExample 2022-08-03T16:02:14Z logger.go:66:                   + nodePort     = {
TestTerraformConnectorExample 2022-08-03T16:02:14Z logger.go:66:                       + advertisedURL         = {
TestTerraformConnectorExample 2022-08-03T16:02:14Z logger.go:66:                           + enabled = (known after apply)
TestTerraformConnectorExample 2022-08-03T16:02:14Z logger.go:66:                           + prefix  = (known after apply)
TestTerraformConnectorExample 2022-08-03T16:02:14Z logger.go:66:                         }
TestTerraformConnectorExample 2022-08-03T16:02:14Z logger.go:66:                       + annotations           = (known after apply)
TestTerraformConnectorExample 2022-08-03T16:02:14Z logger.go:66:                       + externalTrafficPolicy = (known after apply)
TestTerraformConnectorExample 2022-08-03T16:02:14Z logger.go:66:                       + host                  = (known after apply)
TestTerraformConnectorExample 2022-08-03T16:02:14Z logger.go:66:                       + labels                = (known after apply)
TestTerraformConnectorExample 2022-08-03T16:02:14Z logger.go:66:                       + nodePortOffset        = (known after apply)
TestTerraformConnectorExample 2022-08-03T16:02:14Z logger.go:66:                       + servicePorts          = (known after apply)
TestTerraformConnectorExample 2022-08-03T16:02:14Z logger.go:66:                       + sessionAffinity       = (known after apply)
TestTerraformConnectorExample 2022-08-03T16:02:14Z logger.go:66:                       + sessionAffinityConfig = {
TestTerraformConnectorExample 2022-08-03T16:02:14Z logger.go:66:                           + clientIP = {
TestTerraformConnectorExample 2022-08-03T16:02:14Z logger.go:66:                               + timeoutSeconds = (known after apply)
TestTerraformConnectorExample 2022-08-03T16:02:14Z logger.go:66:                             }
TestTerraformConnectorExample 2022-08-03T16:02:14Z logger.go:66:                         }
TestTerraformConnectorExample 2022-08-03T16:02:14Z logger.go:66:                     }
TestTerraformConnectorExample 2022-08-03T16:02:14Z logger.go:66:                   + route        = {
TestTerraformConnectorExample 2022-08-03T16:02:14Z logger.go:66:                       + annotations    = (known after apply)
TestTerraformConnectorExample 2022-08-03T16:02:14Z logger.go:66:                       + domain         = (known after apply)
TestTerraformConnectorExample 2022-08-03T16:02:14Z logger.go:66:                       + labels         = (known after apply)
TestTerraformConnectorExample 2022-08-03T16:02:14Z logger.go:66:                       + prefix         = (known after apply)
TestTerraformConnectorExample 2022-08-03T16:02:14Z logger.go:66:                       + wildcardPolicy = (known after apply)
TestTerraformConnectorExample 2022-08-03T16:02:14Z logger.go:66:                     }
TestTerraformConnectorExample 2022-08-03T16:02:14Z logger.go:66:                   + type         = (known after apply)
TestTerraformConnectorExample 2022-08-03T16:02:14Z logger.go:66:                 }
TestTerraformConnectorExample 2022-08-03T16:02:14Z logger.go:66:               + headlessService                = {
TestTerraformConnectorExample 2022-08-03T16:02:14Z logger.go:66:                   + annotations              = (known after apply)
TestTerraformConnectorExample 2022-08-03T16:02:14Z logger.go:66:                   + labels                   = (known after apply)
TestTerraformConnectorExample 2022-08-03T16:02:14Z logger.go:66:                   + publishNotReadyAddresses = (known after apply)
TestTerraformConnectorExample 2022-08-03T16:02:14Z logger.go:66:                 }
TestTerraformConnectorExample 2022-08-03T16:02:14Z logger.go:66:               + image                          = {
TestTerraformConnectorExample 2022-08-03T16:02:14Z logger.go:66:                   + application   = "confluentinc/cp-server-connect:7.2.0"
TestTerraformConnectorExample 2022-08-03T16:02:14Z logger.go:66:                   + init          = "confluentinc/confluent-init-container:2.4.0"
TestTerraformConnectorExample 2022-08-03T16:02:14Z logger.go:66:                   + pullPolicy    = (known after apply)
TestTerraformConnectorExample 2022-08-03T16:02:14Z logger.go:66:                   + pullSecretRef = (known after apply)
TestTerraformConnectorExample 2022-08-03T16:02:14Z logger.go:66:                 }
TestTerraformConnectorExample 2022-08-03T16:02:14Z logger.go:66:               + injectAnnotations              = (known after apply)
TestTerraformConnectorExample 2022-08-03T16:02:14Z logger.go:66:               + injectLabels                   = (known after apply)
TestTerraformConnectorExample 2022-08-03T16:02:14Z logger.go:66:               + internalTopicReplicationFactor = (known after apply)
TestTerraformConnectorExample 2022-08-03T16:02:14Z logger.go:66:               + k8sClusterDomain               = (known after apply)
TestTerraformConnectorExample 2022-08-03T16:02:14Z logger.go:66:               + keyConverterType               = (known after apply)
TestTerraformConnectorExample 2022-08-03T16:02:14Z logger.go:66:               + license                        = {
TestTerraformConnectorExample 2022-08-03T16:02:14Z logger.go:66:                   + directoryPathInContainer = (known after apply)
TestTerraformConnectorExample 2022-08-03T16:02:14Z logger.go:66:                   + globalLicense            = (known after apply)
TestTerraformConnectorExample 2022-08-03T16:02:14Z logger.go:66:                   + secretRef                = (known after apply)
TestTerraformConnectorExample 2022-08-03T16:02:14Z logger.go:66:                 }
TestTerraformConnectorExample 2022-08-03T16:02:14Z logger.go:66:               + metrics                        = {
TestTerraformConnectorExample 2022-08-03T16:02:14Z logger.go:66:                   + authentication = {
TestTerraformConnectorExample 2022-08-03T16:02:14Z logger.go:66:                       + type = (known after apply)
TestTerraformConnectorExample 2022-08-03T16:02:14Z logger.go:66:                     }
TestTerraformConnectorExample 2022-08-03T16:02:14Z logger.go:66:                   + prometheus     = {
TestTerraformConnectorExample 2022-08-03T16:02:14Z logger.go:66:                       + blacklist = (known after apply)
TestTerraformConnectorExample 2022-08-03T16:02:14Z logger.go:66:                       + rules     = (known after apply)
TestTerraformConnectorExample 2022-08-03T16:02:14Z logger.go:66:                       + whitelist = (known after apply)
TestTerraformConnectorExample 2022-08-03T16:02:14Z logger.go:66:                     }
TestTerraformConnectorExample 2022-08-03T16:02:14Z logger.go:66:                   + tls            = {
TestTerraformConnectorExample 2022-08-03T16:02:14Z logger.go:66:                       + directoryPathInContainer = (known after apply)
TestTerraformConnectorExample 2022-08-03T16:02:14Z logger.go:66:                       + enabled                  = (known after apply)
TestTerraformConnectorExample 2022-08-03T16:02:14Z logger.go:66:                       + ignoreTrustStoreConfig   = (known after apply)
TestTerraformConnectorExample 2022-08-03T16:02:14Z logger.go:66:                       + jksPassword              = {
TestTerraformConnectorExample 2022-08-03T16:02:14Z logger.go:66:                           + secretRef = (known after apply)
TestTerraformConnectorExample 2022-08-03T16:02:14Z logger.go:66:                         }
TestTerraformConnectorExample 2022-08-03T16:02:14Z logger.go:66:                       + secretRef                = (known after apply)
TestTerraformConnectorExample 2022-08-03T16:02:14Z logger.go:66:                     }
TestTerraformConnectorExample 2022-08-03T16:02:14Z logger.go:66:                 }
TestTerraformConnectorExample 2022-08-03T16:02:14Z logger.go:66:               + mountedSecrets                 = (known after apply)
TestTerraformConnectorExample 2022-08-03T16:02:14Z logger.go:66:               + mountedVolumes                 = {
TestTerraformConnectorExample 2022-08-03T16:02:14Z logger.go:66:                   + volumeMounts = (known after apply)
TestTerraformConnectorExample 2022-08-03T16:02:14Z logger.go:66:                   + volumes      = (known after apply)
TestTerraformConnectorExample 2022-08-03T16:02:14Z logger.go:66:                 }
TestTerraformConnectorExample 2022-08-03T16:02:14Z logger.go:66:               + oneReplicaPerNode              = (known after apply)
TestTerraformConnectorExample 2022-08-03T16:02:14Z logger.go:66:               + podTemplate                    = {
TestTerraformConnectorExample 2022-08-03T16:02:14Z logger.go:66:                   + affinity                      = {
TestTerraformConnectorExample 2022-08-03T16:02:14Z logger.go:66:                       + nodeAffinity    = {
TestTerraformConnectorExample 2022-08-03T16:02:14Z logger.go:66:                           + preferredDuringSchedulingIgnoredDuringExecution = (known after apply)
TestTerraformConnectorExample 2022-08-03T16:02:14Z logger.go:66:                           + requiredDuringSchedulingIgnoredDuringExecution  = {
TestTerraformConnectorExample 2022-08-03T16:02:14Z logger.go:66:                               + nodeSelectorTerms = (known after apply)
TestTerraformConnectorExample 2022-08-03T16:02:14Z logger.go:66:                             }
TestTerraformConnectorExample 2022-08-03T16:02:14Z logger.go:66:                         }
TestTerraformConnectorExample 2022-08-03T16:02:14Z logger.go:66:                       + podAffinity     = {
TestTerraformConnectorExample 2022-08-03T16:02:14Z logger.go:66:                           + preferredDuringSchedulingIgnoredDuringExecution = (known after apply)
TestTerraformConnectorExample 2022-08-03T16:02:14Z logger.go:66:                           + requiredDuringSchedulingIgnoredDuringExecution  = (known after apply)
TestTerraformConnectorExample 2022-08-03T16:02:14Z logger.go:66:                         }
TestTerraformConnectorExample 2022-08-03T16:02:14Z logger.go:66:                       + podAntiAffinity = {
TestTerraformConnectorExample 2022-08-03T16:02:14Z logger.go:66:                           + preferredDuringSchedulingIgnoredDuringExecution = (known after apply)
TestTerraformConnectorExample 2022-08-03T16:02:14Z logger.go:66:                           + requiredDuringSchedulingIgnoredDuringExecution  = (known after apply)
TestTerraformConnectorExample 2022-08-03T16:02:14Z logger.go:66:                         }
TestTerraformConnectorExample 2022-08-03T16:02:14Z logger.go:66:                     }
TestTerraformConnectorExample 2022-08-03T16:02:14Z logger.go:66:                   + annotations                   = (known after apply)
TestTerraformConnectorExample 2022-08-03T16:02:14Z logger.go:66:                   + envVars                       = (known after apply)
TestTerraformConnectorExample 2022-08-03T16:02:14Z logger.go:66:                   + labels                        = (known after apply)
TestTerraformConnectorExample 2022-08-03T16:02:14Z logger.go:66:                   + podSecurityContext            = {
TestTerraformConnectorExample 2022-08-03T16:02:14Z logger.go:66:                       + fsGroup             = (known after apply)
TestTerraformConnectorExample 2022-08-03T16:02:14Z logger.go:66:                       + fsGroupChangePolicy = (known after apply)
TestTerraformConnectorExample 2022-08-03T16:02:14Z logger.go:66:                       + runAsGroup          = (known after apply)
TestTerraformConnectorExample 2022-08-03T16:02:14Z logger.go:66:                       + runAsNonRoot        = (known after apply)
TestTerraformConnectorExample 2022-08-03T16:02:14Z logger.go:66:                       + runAsUser           = (known after apply)
TestTerraformConnectorExample 2022-08-03T16:02:14Z logger.go:66:                       + seLinuxOptions      = {
TestTerraformConnectorExample 2022-08-03T16:02:14Z logger.go:66:                           + level = (known after apply)
TestTerraformConnectorExample 2022-08-03T16:02:14Z logger.go:66:                           + role  = (known after apply)
TestTerraformConnectorExample 2022-08-03T16:02:14Z logger.go:66:                           + type  = (known after apply)
TestTerraformConnectorExample 2022-08-03T16:02:14Z logger.go:66:                           + user  = (known after apply)
TestTerraformConnectorExample 2022-08-03T16:02:14Z logger.go:66:                         }
TestTerraformConnectorExample 2022-08-03T16:02:14Z logger.go:66:                       + seccompProfile      = {
TestTerraformConnectorExample 2022-08-03T16:02:14Z logger.go:66:                           + localhostProfile = (known after apply)
TestTerraformConnectorExample 2022-08-03T16:02:14Z logger.go:66:                           + type             = (known after apply)
TestTerraformConnectorExample 2022-08-03T16:02:14Z logger.go:66:                         }
TestTerraformConnectorExample 2022-08-03T16:02:14Z logger.go:66:                       + supplementalGroups  = (known after apply)
TestTerraformConnectorExample 2022-08-03T16:02:14Z logger.go:66:                       + sysctls             = (known after apply)
TestTerraformConnectorExample 2022-08-03T16:02:14Z logger.go:66:                       + windowsOptions      = {
TestTerraformConnectorExample 2022-08-03T16:02:14Z logger.go:66:                           + gmsaCredentialSpec     = (known after apply)
TestTerraformConnectorExample 2022-08-03T16:02:14Z logger.go:66:                           + gmsaCredentialSpecName = (known after apply)
TestTerraformConnectorExample 2022-08-03T16:02:14Z logger.go:66:                           + hostProcess            = (known after apply)
TestTerraformConnectorExample 2022-08-03T16:02:14Z logger.go:66:                           + runAsUserName          = (known after apply)
TestTerraformConnectorExample 2022-08-03T16:02:14Z logger.go:66:                         }
TestTerraformConnectorExample 2022-08-03T16:02:14Z logger.go:66:                     }
TestTerraformConnectorExample 2022-08-03T16:02:14Z logger.go:66:                   + priorityClassName             = (known after apply)
TestTerraformConnectorExample 2022-08-03T16:02:14Z logger.go:66:                   + probe                         = {
TestTerraformConnectorExample 2022-08-03T16:02:14Z logger.go:66:                       + liveness  = {
TestTerraformConnectorExample 2022-08-03T16:02:14Z logger.go:66:                           + failureThreshold    = (known after apply)
TestTerraformConnectorExample 2022-08-03T16:02:14Z logger.go:66:                           + initialDelaySeconds = (known after apply)
TestTerraformConnectorExample 2022-08-03T16:02:14Z logger.go:66:                           + periodSeconds       = (known after apply)
TestTerraformConnectorExample 2022-08-03T16:02:14Z logger.go:66:                           + successThreshold    = (known after apply)
TestTerraformConnectorExample 2022-08-03T16:02:14Z logger.go:66:                           + timeoutSeconds      = (known after apply)
TestTerraformConnectorExample 2022-08-03T16:02:14Z logger.go:66:                         }
TestTerraformConnectorExample 2022-08-03T16:02:14Z logger.go:66:                       + readiness = {
TestTerraformConnectorExample 2022-08-03T16:02:14Z logger.go:66:                           + failureThreshold    = (known after apply)
TestTerraformConnectorExample 2022-08-03T16:02:14Z logger.go:66:                           + initialDelaySeconds = (known after apply)
TestTerraformConnectorExample 2022-08-03T16:02:14Z logger.go:66:                           + periodSeconds       = (known after apply)
TestTerraformConnectorExample 2022-08-03T16:02:14Z logger.go:66:                           + successThreshold    = (known after apply)
TestTerraformConnectorExample 2022-08-03T16:02:14Z logger.go:66:                           + timeoutSeconds      = (known after apply)
TestTerraformConnectorExample 2022-08-03T16:02:14Z logger.go:66:                         }
TestTerraformConnectorExample 2022-08-03T16:02:14Z logger.go:66:                     }
TestTerraformConnectorExample 2022-08-03T16:02:14Z logger.go:66:                   + resources                     = {
TestTerraformConnectorExample 2022-08-03T16:02:14Z logger.go:66:                       + limits   = (known after apply)
TestTerraformConnectorExample 2022-08-03T16:02:14Z logger.go:66:                       + requests = (known after apply)
TestTerraformConnectorExample 2022-08-03T16:02:14Z logger.go:66:                     }
TestTerraformConnectorExample 2022-08-03T16:02:14Z logger.go:66:                   + securityContext               = {
TestTerraformConnectorExample 2022-08-03T16:02:14Z logger.go:66:                       + allowPrivilegeEscalation = (known after apply)
TestTerraformConnectorExample 2022-08-03T16:02:14Z logger.go:66:                       + capabilities             = {
TestTerraformConnectorExample 2022-08-03T16:02:14Z logger.go:66:                           + add  = (known after apply)
TestTerraformConnectorExample 2022-08-03T16:02:14Z logger.go:66:                           + drop = (known after apply)
TestTerraformConnectorExample 2022-08-03T16:02:14Z logger.go:66:                         }
TestTerraformConnectorExample 2022-08-03T16:02:14Z logger.go:66:                       + privileged               = (known after apply)
TestTerraformConnectorExample 2022-08-03T16:02:14Z logger.go:66:                       + procMount                = (known after apply)
TestTerraformConnectorExample 2022-08-03T16:02:14Z logger.go:66:                       + readOnlyRootFilesystem   = (known after apply)
TestTerraformConnectorExample 2022-08-03T16:02:14Z logger.go:66:                       + runAsGroup               = (known after apply)
TestTerraformConnectorExample 2022-08-03T16:02:14Z logger.go:66:                       + runAsNonRoot             = (known after apply)
TestTerraformConnectorExample 2022-08-03T16:02:14Z logger.go:66:                       + runAsUser                = (known after apply)
TestTerraformConnectorExample 2022-08-03T16:02:14Z logger.go:66:                       + seLinuxOptions           = {
TestTerraformConnectorExample 2022-08-03T16:02:14Z logger.go:66:                           + level = (known after apply)
TestTerraformConnectorExample 2022-08-03T16:02:14Z logger.go:66:                           + role  = (known after apply)
TestTerraformConnectorExample 2022-08-03T16:02:14Z logger.go:66:                           + type  = (known after apply)
TestTerraformConnectorExample 2022-08-03T16:02:14Z logger.go:66:                           + user  = (known after apply)
TestTerraformConnectorExample 2022-08-03T16:02:14Z logger.go:66:                         }
TestTerraformConnectorExample 2022-08-03T16:02:14Z logger.go:66:                       + seccompProfile           = {
TestTerraformConnectorExample 2022-08-03T16:02:14Z logger.go:66:                           + localhostProfile = (known after apply)
TestTerraformConnectorExample 2022-08-03T16:02:14Z logger.go:66:                           + type             = (known after apply)
TestTerraformConnectorExample 2022-08-03T16:02:14Z logger.go:66:                         }
TestTerraformConnectorExample 2022-08-03T16:02:14Z logger.go:66:                       + windowsOptions           = {
TestTerraformConnectorExample 2022-08-03T16:02:14Z logger.go:66:                           + gmsaCredentialSpec     = (known after apply)
TestTerraformConnectorExample 2022-08-03T16:02:14Z logger.go:66:                           + gmsaCredentialSpecName = (known after apply)
TestTerraformConnectorExample 2022-08-03T16:02:14Z logger.go:66:                           + hostProcess            = (known after apply)
TestTerraformConnectorExample 2022-08-03T16:02:14Z logger.go:66:                           + runAsUserName          = (known after apply)
TestTerraformConnectorExample 2022-08-03T16:02:14Z logger.go:66:                         }
TestTerraformConnectorExample 2022-08-03T16:02:14Z logger.go:66:                     }
TestTerraformConnectorExample 2022-08-03T16:02:14Z logger.go:66:                   + serviceAccountName            = (known after apply)
TestTerraformConnectorExample 2022-08-03T16:02:14Z logger.go:66:                   + terminationGracePeriodSeconds = (known after apply)
TestTerraformConnectorExample 2022-08-03T16:02:14Z logger.go:66:                   + tolerations                   = (known after apply)
TestTerraformConnectorExample 2022-08-03T16:02:14Z logger.go:66:                   + topologySpreadConstraints     = (known after apply)
TestTerraformConnectorExample 2022-08-03T16:02:14Z logger.go:66:                 }
TestTerraformConnectorExample 2022-08-03T16:02:14Z logger.go:66:               + replicas                       = 1
TestTerraformConnectorExample 2022-08-03T16:02:14Z logger.go:66:               + telemetry                      = {
TestTerraformConnectorExample 2022-08-03T16:02:14Z logger.go:66:                   + global = (known after apply)
TestTerraformConnectorExample 2022-08-03T16:02:14Z logger.go:66:                 }
TestTerraformConnectorExample 2022-08-03T16:02:14Z logger.go:66:               + tls                            = {
TestTerraformConnectorExample 2022-08-03T16:02:14Z logger.go:66:                   + autoGeneratedCerts       = (known after apply)
TestTerraformConnectorExample 2022-08-03T16:02:14Z logger.go:66:                   + directoryPathInContainer = (known after apply)
TestTerraformConnectorExample 2022-08-03T16:02:14Z logger.go:66:                   + ignoreTrustStoreConfig   = (known after apply)
TestTerraformConnectorExample 2022-08-03T16:02:14Z logger.go:66:                   + jksPassword              = {
TestTerraformConnectorExample 2022-08-03T16:02:14Z logger.go:66:                       + secretRef = (known after apply)
TestTerraformConnectorExample 2022-08-03T16:02:14Z logger.go:66:                     }
TestTerraformConnectorExample 2022-08-03T16:02:14Z logger.go:66:                   + secretRef                = (known after apply)
TestTerraformConnectorExample 2022-08-03T16:02:14Z logger.go:66:                 }
TestTerraformConnectorExample 2022-08-03T16:02:14Z logger.go:66:               + valueConverterType             = (known after apply)
TestTerraformConnectorExample 2022-08-03T16:02:14Z logger.go:66:             }
TestTerraformConnectorExample 2022-08-03T16:02:14Z logger.go:66:         }
TestTerraformConnectorExample 2022-08-03T16:02:14Z logger.go:66:
TestTerraformConnectorExample 2022-08-03T16:02:14Z logger.go:66:       + timeouts {
TestTerraformConnectorExample 2022-08-03T16:02:14Z logger.go:66:           + create = "1h"
TestTerraformConnectorExample 2022-08-03T16:02:14Z logger.go:66:           + delete = "10m"
TestTerraformConnectorExample 2022-08-03T16:02:14Z logger.go:66:           + update = "1h"
TestTerraformConnectorExample 2022-08-03T16:02:14Z logger.go:66:         }
TestTerraformConnectorExample 2022-08-03T16:02:14Z logger.go:66:
TestTerraformConnectorExample 2022-08-03T16:02:14Z logger.go:66:       + wait {
TestTerraformConnectorExample 2022-08-03T16:02:14Z logger.go:66:           + fields = {
TestTerraformConnectorExample 2022-08-03T16:02:14Z logger.go:66:               + "status.phase" = "RUNNING"
TestTerraformConnectorExample 2022-08-03T16:02:14Z logger.go:66:             }
TestTerraformConnectorExample 2022-08-03T16:02:14Z logger.go:66:         }
TestTerraformConnectorExample 2022-08-03T16:02:14Z logger.go:66:     }
TestTerraformConnectorExample 2022-08-03T16:02:14Z logger.go:66:
TestTerraformConnectorExample 2022-08-03T16:02:14Z logger.go:66:   # module.confluent_platform.kubernetes_manifest.components["kafka"] will be created
TestTerraformConnectorExample 2022-08-03T16:02:14Z logger.go:66:   + resource "kubernetes_manifest" "components" {
TestTerraformConnectorExample 2022-08-03T16:02:14Z logger.go:66:       + computed_fields = [
TestTerraformConnectorExample 2022-08-03T16:02:14Z logger.go:66:           + "metadata.finalizers",
TestTerraformConnectorExample 2022-08-03T16:02:14Z logger.go:66:         ]
TestTerraformConnectorExample 2022-08-03T16:02:14Z logger.go:66:       + manifest        = {
TestTerraformConnectorExample 2022-08-03T16:02:14Z logger.go:66:           + apiVersion = "platform.confluent.io/v1beta1"
TestTerraformConnectorExample 2022-08-03T16:02:14Z logger.go:66:           + kind       = "Kafka"
TestTerraformConnectorExample 2022-08-03T16:02:14Z logger.go:66:           + metadata   = {
TestTerraformConnectorExample 2022-08-03T16:02:14Z logger.go:66:               + name      = "kafka"
TestTerraformConnectorExample 2022-08-03T16:02:14Z logger.go:66:               + namespace = "confluent"
TestTerraformConnectorExample 2022-08-03T16:02:14Z logger.go:66:             }
TestTerraformConnectorExample 2022-08-03T16:02:14Z logger.go:66:           + spec       = {
TestTerraformConnectorExample 2022-08-03T16:02:14Z logger.go:66:               + dataVolumeCapacity = "10Gi"
TestTerraformConnectorExample 2022-08-03T16:02:14Z logger.go:66:               + image              = {
TestTerraformConnectorExample 2022-08-03T16:02:14Z logger.go:66:                   + application = "confluentinc/cp-server:7.2.0"
TestTerraformConnectorExample 2022-08-03T16:02:14Z logger.go:66:                   + init        = "confluentinc/confluent-init-container:2.4.0"
TestTerraformConnectorExample 2022-08-03T16:02:14Z logger.go:66:                 }
TestTerraformConnectorExample 2022-08-03T16:02:14Z logger.go:66:               + metricReporter     = {
TestTerraformConnectorExample 2022-08-03T16:02:14Z logger.go:66:                   + enabled = true
TestTerraformConnectorExample 2022-08-03T16:02:14Z logger.go:66:                 }
TestTerraformConnectorExample 2022-08-03T16:02:14Z logger.go:66:               + replicas           = 3
TestTerraformConnectorExample 2022-08-03T16:02:14Z logger.go:66:             }
TestTerraformConnectorExample 2022-08-03T16:02:14Z logger.go:66:         }
TestTerraformConnectorExample 2022-08-03T16:02:14Z logger.go:66:       + object          = {
TestTerraformConnectorExample 2022-08-03T16:02:14Z logger.go:66:           + apiVersion = "platform.confluent.io/v1beta1"
TestTerraformConnectorExample 2022-08-03T16:02:14Z logger.go:66:           + kind       = "Kafka"
TestTerraformConnectorExample 2022-08-03T16:02:14Z logger.go:66:           + metadata   = {
TestTerraformConnectorExample 2022-08-03T16:02:14Z logger.go:66:               + annotations                = (known after apply)
TestTerraformConnectorExample 2022-08-03T16:02:14Z logger.go:66:               + clusterName                = (known after apply)
TestTerraformConnectorExample 2022-08-03T16:02:14Z logger.go:66:               + creationTimestamp          = (known after apply)
TestTerraformConnectorExample 2022-08-03T16:02:14Z logger.go:66:               + deletionGracePeriodSeconds = (known after apply)
TestTerraformConnectorExample 2022-08-03T16:02:14Z logger.go:66:               + deletionTimestamp          = (known after apply)
TestTerraformConnectorExample 2022-08-03T16:02:14Z logger.go:66:               + finalizers                 = (known after apply)
TestTerraformConnectorExample 2022-08-03T16:02:14Z logger.go:66:               + generateName               = (known after apply)
TestTerraformConnectorExample 2022-08-03T16:02:14Z logger.go:66:               + generation                 = (known after apply)
TestTerraformConnectorExample 2022-08-03T16:02:14Z logger.go:66:               + labels                     = (known after apply)
TestTerraformConnectorExample 2022-08-03T16:02:14Z logger.go:66:               + managedFields              = (known after apply)
TestTerraformConnectorExample 2022-08-03T16:02:14Z logger.go:66:               + name                       = "kafka"
TestTerraformConnectorExample 2022-08-03T16:02:14Z logger.go:66:               + namespace                  = "confluent"
TestTerraformConnectorExample 2022-08-03T16:02:14Z logger.go:66:               + ownerReferences            = (known after apply)
TestTerraformConnectorExample 2022-08-03T16:02:14Z logger.go:66:               + resourceVersion            = (known after apply)
TestTerraformConnectorExample 2022-08-03T16:02:14Z logger.go:66:               + selfLink                   = (known after apply)
TestTerraformConnectorExample 2022-08-03T16:02:14Z logger.go:66:               + uid                        = (known after apply)
TestTerraformConnectorExample 2022-08-03T16:02:14Z logger.go:66:             }
TestTerraformConnectorExample 2022-08-03T16:02:14Z logger.go:66:           + spec       = {
TestTerraformConnectorExample 2022-08-03T16:02:14Z logger.go:66:               + authorization      = {
TestTerraformConnectorExample 2022-08-03T16:02:14Z logger.go:66:                   + superUsers = (known after apply)
TestTerraformConnectorExample 2022-08-03T16:02:14Z logger.go:66:                   + type       = (known after apply)
TestTerraformConnectorExample 2022-08-03T16:02:14Z logger.go:66:                 }
TestTerraformConnectorExample 2022-08-03T16:02:14Z logger.go:66:               + configOverrides    = {
TestTerraformConnectorExample 2022-08-03T16:02:14Z logger.go:66:                   + jvm    = (known after apply)
TestTerraformConnectorExample 2022-08-03T16:02:14Z logger.go:66:                   + log4j  = (known after apply)
TestTerraformConnectorExample 2022-08-03T16:02:14Z logger.go:66:                   + server = (known after apply)
TestTerraformConnectorExample 2022-08-03T16:02:14Z logger.go:66:                 }
TestTerraformConnectorExample 2022-08-03T16:02:14Z logger.go:66:               + dataVolumeCapacity = "10Gi"
TestTerraformConnectorExample 2022-08-03T16:02:14Z logger.go:66:               + dependencies       = {
TestTerraformConnectorExample 2022-08-03T16:02:14Z logger.go:66:                   + kafkaRest      = {
TestTerraformConnectorExample 2022-08-03T16:02:14Z logger.go:66:                       + authentication    = {
TestTerraformConnectorExample 2022-08-03T16:02:14Z logger.go:66:                           + bearer                = {
TestTerraformConnectorExample 2022-08-03T16:02:14Z logger.go:66:                               + directoryPathInContainer = (known after apply)
TestTerraformConnectorExample 2022-08-03T16:02:14Z logger.go:66:                               + secretRef                = (known after apply)
TestTerraformConnectorExample 2022-08-03T16:02:14Z logger.go:66:                             }
TestTerraformConnectorExample 2022-08-03T16:02:14Z logger.go:66:                           + jaasConfig            = {
TestTerraformConnectorExample 2022-08-03T16:02:14Z logger.go:66:                               + secretRef = (known after apply)
TestTerraformConnectorExample 2022-08-03T16:02:14Z logger.go:66:                             }
TestTerraformConnectorExample 2022-08-03T16:02:14Z logger.go:66:                           + jaasConfigPassThrough = {
TestTerraformConnectorExample 2022-08-03T16:02:14Z logger.go:66:                               + directoryPathInContainer = (known after apply)
TestTerraformConnectorExample 2022-08-03T16:02:14Z logger.go:66:                               + secretRef                = (known after apply)
TestTerraformConnectorExample 2022-08-03T16:02:14Z logger.go:66:                             }
TestTerraformConnectorExample 2022-08-03T16:02:14Z logger.go:66:                           + oauthbearer           = {
TestTerraformConnectorExample 2022-08-03T16:02:14Z logger.go:66:                               + directoryPathInContainer = (known after apply)
TestTerraformConnectorExample 2022-08-03T16:02:14Z logger.go:66:                               + secretRef                = (known after apply)
TestTerraformConnectorExample 2022-08-03T16:02:14Z logger.go:66:                             }
TestTerraformConnectorExample 2022-08-03T16:02:14Z logger.go:66:                           + type                  = (known after apply)
TestTerraformConnectorExample 2022-08-03T16:02:14Z logger.go:66:                         }
TestTerraformConnectorExample 2022-08-03T16:02:14Z logger.go:66:                       + bootstrapEndpoint = (known after apply)
TestTerraformConnectorExample 2022-08-03T16:02:14Z logger.go:66:                       + endpoint          = (known after apply)
TestTerraformConnectorExample 2022-08-03T16:02:14Z logger.go:66:                       + tls               = {
TestTerraformConnectorExample 2022-08-03T16:02:14Z logger.go:66:                           + directoryPathInContainer = (known after apply)
TestTerraformConnectorExample 2022-08-03T16:02:14Z logger.go:66:                           + enabled                  = (known after apply)
TestTerraformConnectorExample 2022-08-03T16:02:14Z logger.go:66:                           + ignoreTrustStoreConfig   = (known after apply)
TestTerraformConnectorExample 2022-08-03T16:02:14Z logger.go:66:                           + jksPassword              = {
TestTerraformConnectorExample 2022-08-03T16:02:14Z logger.go:66:                               + secretRef = (known after apply)
TestTerraformConnectorExample 2022-08-03T16:02:14Z logger.go:66:                             }
TestTerraformConnectorExample 2022-08-03T16:02:14Z logger.go:66:                           + secretRef                = (known after apply)
TestTerraformConnectorExample 2022-08-03T16:02:14Z logger.go:66:                         }
TestTerraformConnectorExample 2022-08-03T16:02:14Z logger.go:66:                     }
TestTerraformConnectorExample 2022-08-03T16:02:14Z logger.go:66:                   + mds            = {
TestTerraformConnectorExample 2022-08-03T16:02:14Z logger.go:66:                       + endpoint     = (known after apply)
TestTerraformConnectorExample 2022-08-03T16:02:14Z logger.go:66:                       + kafka        = {
TestTerraformConnectorExample 2022-08-03T16:02:14Z logger.go:66:                           + authentication    = {
TestTerraformConnectorExample 2022-08-03T16:02:14Z logger.go:66:                               + jaasConfig            = {
TestTerraformConnectorExample 2022-08-03T16:02:14Z logger.go:66:                                   + secretRef = (known after apply)
TestTerraformConnectorExample 2022-08-03T16:02:14Z logger.go:66:                                 }
TestTerraformConnectorExample 2022-08-03T16:02:14Z logger.go:66:                               + jaasConfigPassThrough = {
TestTerraformConnectorExample 2022-08-03T16:02:14Z logger.go:66:                                   + directoryPathInContainer = (known after apply)
TestTerraformConnectorExample 2022-08-03T16:02:14Z logger.go:66:                                   + secretRef                = (known after apply)
TestTerraformConnectorExample 2022-08-03T16:02:14Z logger.go:66:                                 }
TestTerraformConnectorExample 2022-08-03T16:02:14Z logger.go:66:                               + oauthbearer           = {
TestTerraformConnectorExample 2022-08-03T16:02:14Z logger.go:66:                                   + directoryPathInContainer = (known after apply)
TestTerraformConnectorExample 2022-08-03T16:02:14Z logger.go:66:                                   + secretRef                = (known after apply)
TestTerraformConnectorExample 2022-08-03T16:02:14Z logger.go:66:                                 }
TestTerraformConnectorExample 2022-08-03T16:02:14Z logger.go:66:                               + type                  = (known after apply)
TestTerraformConnectorExample 2022-08-03T16:02:14Z logger.go:66:                             }
TestTerraformConnectorExample 2022-08-03T16:02:14Z logger.go:66:                           + bootstrapEndpoint = (known after apply)
TestTerraformConnectorExample 2022-08-03T16:02:14Z logger.go:66:                           + discovery         = {
TestTerraformConnectorExample 2022-08-03T16:02:14Z logger.go:66:                               + name      = (known after apply)
TestTerraformConnectorExample 2022-08-03T16:02:14Z logger.go:66:                               + namespace = (known after apply)
TestTerraformConnectorExample 2022-08-03T16:02:14Z logger.go:66:                               + secretRef = (known after apply)
TestTerraformConnectorExample 2022-08-03T16:02:14Z logger.go:66:                             }
TestTerraformConnectorExample 2022-08-03T16:02:14Z logger.go:66:                           + tls               = {
TestTerraformConnectorExample 2022-08-03T16:02:14Z logger.go:66:                               + directoryPathInContainer = (known after apply)
TestTerraformConnectorExample 2022-08-03T16:02:14Z logger.go:66:                               + enabled                  = (known after apply)
TestTerraformConnectorExample 2022-08-03T16:02:14Z logger.go:66:                               + ignoreTrustStoreConfig   = (known after apply)
TestTerraformConnectorExample 2022-08-03T16:02:14Z logger.go:66:                               + jksPassword              = {
TestTerraformConnectorExample 2022-08-03T16:02:14Z logger.go:66:                                   + secretRef = (known after apply)
TestTerraformConnectorExample 2022-08-03T16:02:14Z logger.go:66:                                 }
TestTerraformConnectorExample 2022-08-03T16:02:14Z logger.go:66:                               + secretRef                = (known after apply)
TestTerraformConnectorExample 2022-08-03T16:02:14Z logger.go:66:                             }
TestTerraformConnectorExample 2022-08-03T16:02:14Z logger.go:66:                         }
TestTerraformConnectorExample 2022-08-03T16:02:14Z logger.go:66:                       + tls          = {
TestTerraformConnectorExample 2022-08-03T16:02:14Z logger.go:66:                           + directoryPathInContainer = (known after apply)
TestTerraformConnectorExample 2022-08-03T16:02:14Z logger.go:66:                           + enabled                  = (known after apply)
TestTerraformConnectorExample 2022-08-03T16:02:14Z logger.go:66:                           + ignoreTrustStoreConfig   = (known after apply)
TestTerraformConnectorExample 2022-08-03T16:02:14Z logger.go:66:                           + jksPassword              = {
TestTerraformConnectorExample 2022-08-03T16:02:14Z logger.go:66:                               + secretRef = (known after apply)
TestTerraformConnectorExample 2022-08-03T16:02:14Z logger.go:66:                             }
TestTerraformConnectorExample 2022-08-03T16:02:14Z logger.go:66:                           + secretRef                = (known after apply)
TestTerraformConnectorExample 2022-08-03T16:02:14Z logger.go:66:                         }
TestTerraformConnectorExample 2022-08-03T16:02:14Z logger.go:66:                       + tokenKeyPair = {
TestTerraformConnectorExample 2022-08-03T16:02:14Z logger.go:66:                           + directoryPathInContainer = (known after apply)
TestTerraformConnectorExample 2022-08-03T16:02:14Z logger.go:66:                           + secretRef                = (known after apply)
TestTerraformConnectorExample 2022-08-03T16:02:14Z logger.go:66:                         }
TestTerraformConnectorExample 2022-08-03T16:02:14Z logger.go:66:                     }
TestTerraformConnectorExample 2022-08-03T16:02:14Z logger.go:66:                   + schemaRegistry = {
TestTerraformConnectorExample 2022-08-03T16:02:14Z logger.go:66:                       + authentication = {
TestTerraformConnectorExample 2022-08-03T16:02:14Z logger.go:66:                           + basic = {
TestTerraformConnectorExample 2022-08-03T16:02:14Z logger.go:66:                               + debug                    = (known after apply)
TestTerraformConnectorExample 2022-08-03T16:02:14Z logger.go:66:                               + directoryPathInContainer = (known after apply)
TestTerraformConnectorExample 2022-08-03T16:02:14Z logger.go:66:                               + restrictedRoles          = (known after apply)
TestTerraformConnectorExample 2022-08-03T16:02:14Z logger.go:66:                               + roles                    = (known after apply)
TestTerraformConnectorExample 2022-08-03T16:02:14Z logger.go:66:                               + secretRef                = (known after apply)
TestTerraformConnectorExample 2022-08-03T16:02:14Z logger.go:66:                             }
TestTerraformConnectorExample 2022-08-03T16:02:14Z logger.go:66:                           + type  = (known after apply)
TestTerraformConnectorExample 2022-08-03T16:02:14Z logger.go:66:                         }
TestTerraformConnectorExample 2022-08-03T16:02:14Z logger.go:66:                       + tls            = {
TestTerraformConnectorExample 2022-08-03T16:02:14Z logger.go:66:                           + directoryPathInContainer = (known after apply)
TestTerraformConnectorExample 2022-08-03T16:02:14Z logger.go:66:                           + enabled                  = (known after apply)
TestTerraformConnectorExample 2022-08-03T16:02:14Z logger.go:66:                           + ignoreTrustStoreConfig   = (known after apply)
TestTerraformConnectorExample 2022-08-03T16:02:14Z logger.go:66:                           + jksPassword              = {
TestTerraformConnectorExample 2022-08-03T16:02:14Z logger.go:66:                               + secretRef = (known after apply)
TestTerraformConnectorExample 2022-08-03T16:02:14Z logger.go:66:                             }
TestTerraformConnectorExample 2022-08-03T16:02:14Z logger.go:66:                           + secretRef                = (known after apply)
TestTerraformConnectorExample 2022-08-03T16:02:14Z logger.go:66:                         }
TestTerraformConnectorExample 2022-08-03T16:02:14Z logger.go:66:                       + url            = (known after apply)
TestTerraformConnectorExample 2022-08-03T16:02:14Z logger.go:66:                     }
TestTerraformConnectorExample 2022-08-03T16:02:14Z logger.go:66:                   + zookeeper      = {
TestTerraformConnectorExample 2022-08-03T16:02:14Z logger.go:66:                       + authentication = {
TestTerraformConnectorExample 2022-08-03T16:02:14Z logger.go:66:                           + jaasConfig            = {
TestTerraformConnectorExample 2022-08-03T16:02:14Z logger.go:66:                               + secretRef = (known after apply)
TestTerraformConnectorExample 2022-08-03T16:02:14Z logger.go:66:                             }
TestTerraformConnectorExample 2022-08-03T16:02:14Z logger.go:66:                           + jaasConfigPassThrough = {
TestTerraformConnectorExample 2022-08-03T16:02:14Z logger.go:66:                               + directoryPathInContainer = (known after apply)
TestTerraformConnectorExample 2022-08-03T16:02:14Z logger.go:66:                               + secretRef                = (known after apply)
TestTerraformConnectorExample 2022-08-03T16:02:14Z logger.go:66:                             }
TestTerraformConnectorExample 2022-08-03T16:02:14Z logger.go:66:                           + oauthbearer           = {
TestTerraformConnectorExample 2022-08-03T16:02:14Z logger.go:66:                               + directoryPathInContainer = (known after apply)
TestTerraformConnectorExample 2022-08-03T16:02:14Z logger.go:66:                               + secretRef                = (known after apply)
TestTerraformConnectorExample 2022-08-03T16:02:14Z logger.go:66:                             }
TestTerraformConnectorExample 2022-08-03T16:02:14Z logger.go:66:                           + type                  = (known after apply)
TestTerraformConnectorExample 2022-08-03T16:02:14Z logger.go:66:                         }
TestTerraformConnectorExample 2022-08-03T16:02:14Z logger.go:66:                       + discovery      = {
TestTerraformConnectorExample 2022-08-03T16:02:14Z logger.go:66:                           + name      = (known after apply)
TestTerraformConnectorExample 2022-08-03T16:02:14Z logger.go:66:                           + namespace = (known after apply)
TestTerraformConnectorExample 2022-08-03T16:02:14Z logger.go:66:                           + secretRef = (known after apply)
TestTerraformConnectorExample 2022-08-03T16:02:14Z logger.go:66:                         }
TestTerraformConnectorExample 2022-08-03T16:02:14Z logger.go:66:                       + endpoint       = (known after apply)
TestTerraformConnectorExample 2022-08-03T16:02:14Z logger.go:66:                       + tls            = {
TestTerraformConnectorExample 2022-08-03T16:02:14Z logger.go:66:                           + directoryPathInContainer = (known after apply)
TestTerraformConnectorExample 2022-08-03T16:02:14Z logger.go:66:                           + enabled                  = (known after apply)
TestTerraformConnectorExample 2022-08-03T16:02:14Z logger.go:66:                           + ignoreTrustStoreConfig   = (known after apply)
TestTerraformConnectorExample 2022-08-03T16:02:14Z logger.go:66:                           + jksPassword              = {
TestTerraformConnectorExample 2022-08-03T16:02:14Z logger.go:66:                               + secretRef = (known after apply)
TestTerraformConnectorExample 2022-08-03T16:02:14Z logger.go:66:                             }
TestTerraformConnectorExample 2022-08-03T16:02:14Z logger.go:66:                           + secretRef                = (known after apply)
TestTerraformConnectorExample 2022-08-03T16:02:14Z logger.go:66:                         }
TestTerraformConnectorExample 2022-08-03T16:02:14Z logger.go:66:                     }
TestTerraformConnectorExample 2022-08-03T16:02:14Z logger.go:66:                 }
TestTerraformConnectorExample 2022-08-03T16:02:14Z logger.go:66:               + headlessService    = {
TestTerraformConnectorExample 2022-08-03T16:02:14Z logger.go:66:                   + annotations              = (known after apply)
TestTerraformConnectorExample 2022-08-03T16:02:14Z logger.go:66:                   + labels                   = (known after apply)
TestTerraformConnectorExample 2022-08-03T16:02:14Z logger.go:66:                   + publishNotReadyAddresses = (known after apply)
TestTerraformConnectorExample 2022-08-03T16:02:14Z logger.go:66:                 }
TestTerraformConnectorExample 2022-08-03T16:02:14Z logger.go:66:               + identityProvider   = {
TestTerraformConnectorExample 2022-08-03T16:02:14Z logger.go:66:                   + ldap = {
TestTerraformConnectorExample 2022-08-03T16:02:14Z logger.go:66:                       + address        = (known after apply)
TestTerraformConnectorExample 2022-08-03T16:02:14Z logger.go:66:                       + authentication = {
TestTerraformConnectorExample 2022-08-03T16:02:14Z logger.go:66:                           + simple = {
TestTerraformConnectorExample 2022-08-03T16:02:14Z logger.go:66:                               + directoryPathInContainer = (known after apply)
TestTerraformConnectorExample 2022-08-03T16:02:14Z logger.go:66:                               + secretRef                = (known after apply)
TestTerraformConnectorExample 2022-08-03T16:02:14Z logger.go:66:                             }
TestTerraformConnectorExample 2022-08-03T16:02:14Z logger.go:66:                           + type   = (known after apply)
TestTerraformConnectorExample 2022-08-03T16:02:14Z logger.go:66:                         }
TestTerraformConnectorExample 2022-08-03T16:02:14Z logger.go:66:                       + configurations = {
TestTerraformConnectorExample 2022-08-03T16:02:14Z logger.go:66:                           + groupMemberAttribute         = (known after apply)
TestTerraformConnectorExample 2022-08-03T16:02:14Z logger.go:66:                           + groupMemberAttributePattern  = (known after apply)
TestTerraformConnectorExample 2022-08-03T16:02:14Z logger.go:66:                           + groupNameAttribute           = (known after apply)
TestTerraformConnectorExample 2022-08-03T16:02:14Z logger.go:66:                           + groupObjectClass             = (known after apply)
TestTerraformConnectorExample 2022-08-03T16:02:14Z logger.go:66:                           + groupSearchBase              = (known after apply)
TestTerraformConnectorExample 2022-08-03T16:02:14Z logger.go:66:                           + groupSearchFilter            = (known after apply)
TestTerraformConnectorExample 2022-08-03T16:02:14Z logger.go:66:                           + groupSearchScope             = (known after apply)
TestTerraformConnectorExample 2022-08-03T16:02:14Z logger.go:66:                           + userMemberOfAttributePattern = (known after apply)
TestTerraformConnectorExample 2022-08-03T16:02:14Z logger.go:66:                           + userNameAttribute            = (known after apply)
TestTerraformConnectorExample 2022-08-03T16:02:14Z logger.go:66:                           + userObjectClass              = (known after apply)
TestTerraformConnectorExample 2022-08-03T16:02:14Z logger.go:66:                           + userSearchBase               = (known after apply)
TestTerraformConnectorExample 2022-08-03T16:02:14Z logger.go:66:                           + userSearchFilter             = (known after apply)
TestTerraformConnectorExample 2022-08-03T16:02:14Z logger.go:66:                           + userSearchScope              = (known after apply)
TestTerraformConnectorExample 2022-08-03T16:02:14Z logger.go:66:                         }
TestTerraformConnectorExample 2022-08-03T16:02:14Z logger.go:66:                       + tls            = {
TestTerraformConnectorExample 2022-08-03T16:02:14Z logger.go:66:                           + directoryPathInContainer = (known after apply)
TestTerraformConnectorExample 2022-08-03T16:02:14Z logger.go:66:                           + enabled                  = (known after apply)
TestTerraformConnectorExample 2022-08-03T16:02:14Z logger.go:66:                           + ignoreTrustStoreConfig   = (known after apply)
TestTerraformConnectorExample 2022-08-03T16:02:14Z logger.go:66:                           + jksPassword              = {
TestTerraformConnectorExample 2022-08-03T16:02:14Z logger.go:66:                               + secretRef = (known after apply)
TestTerraformConnectorExample 2022-08-03T16:02:14Z logger.go:66:                             }
TestTerraformConnectorExample 2022-08-03T16:02:14Z logger.go:66:                           + secretRef                = (known after apply)
TestTerraformConnectorExample 2022-08-03T16:02:14Z logger.go:66:                         }
TestTerraformConnectorExample 2022-08-03T16:02:14Z logger.go:66:                     }
TestTerraformConnectorExample 2022-08-03T16:02:14Z logger.go:66:                   + type = (known after apply)
TestTerraformConnectorExample 2022-08-03T16:02:14Z logger.go:66:                 }
TestTerraformConnectorExample 2022-08-03T16:02:14Z logger.go:66:               + image              = {
TestTerraformConnectorExample 2022-08-03T16:02:14Z logger.go:66:                   + application   = "confluentinc/cp-server:7.2.0"
TestTerraformConnectorExample 2022-08-03T16:02:14Z logger.go:66:                   + init          = "confluentinc/confluent-init-container:2.4.0"
TestTerraformConnectorExample 2022-08-03T16:02:14Z logger.go:66:                   + pullPolicy    = (known after apply)
TestTerraformConnectorExample 2022-08-03T16:02:14Z logger.go:66:                   + pullSecretRef = (known after apply)
TestTerraformConnectorExample 2022-08-03T16:02:14Z logger.go:66:                 }
TestTerraformConnectorExample 2022-08-03T16:02:14Z logger.go:66:               + injectAnnotations  = (known after apply)
TestTerraformConnectorExample 2022-08-03T16:02:14Z logger.go:66:               + injectLabels       = (known after apply)
TestTerraformConnectorExample 2022-08-03T16:02:14Z logger.go:66:               + k8sClusterDomain   = (known after apply)
TestTerraformConnectorExample 2022-08-03T16:02:14Z logger.go:66:               + license            = {
TestTerraformConnectorExample 2022-08-03T16:02:14Z logger.go:66:                   + directoryPathInContainer = (known after apply)
TestTerraformConnectorExample 2022-08-03T16:02:14Z logger.go:66:                   + globalLicense            = (known after apply)
TestTerraformConnectorExample 2022-08-03T16:02:14Z logger.go:66:                   + secretRef                = (known after apply)
TestTerraformConnectorExample 2022-08-03T16:02:14Z logger.go:66:                 }
TestTerraformConnectorExample 2022-08-03T16:02:14Z logger.go:66:               + listeners          = {
TestTerraformConnectorExample 2022-08-03T16:02:14Z logger.go:66:                   + custom   = (known after apply)
TestTerraformConnectorExample 2022-08-03T16:02:14Z logger.go:66:                   + external = {
TestTerraformConnectorExample 2022-08-03T16:02:14Z logger.go:66:                       + authentication = {
TestTerraformConnectorExample 2022-08-03T16:02:14Z logger.go:66:                           + jaasConfig            = {
TestTerraformConnectorExample 2022-08-03T16:02:14Z logger.go:66:                               + secretRef = (known after apply)
TestTerraformConnectorExample 2022-08-03T16:02:14Z logger.go:66:                             }
TestTerraformConnectorExample 2022-08-03T16:02:14Z logger.go:66:                           + jaasConfigPassThrough = {
TestTerraformConnectorExample 2022-08-03T16:02:14Z logger.go:66:                               + directoryPathInContainer = (known after apply)
TestTerraformConnectorExample 2022-08-03T16:02:14Z logger.go:66:                               + secretRef                = (known after apply)
TestTerraformConnectorExample 2022-08-03T16:02:14Z logger.go:66:                             }
TestTerraformConnectorExample 2022-08-03T16:02:14Z logger.go:66:                           + principalMappingRules = (known after apply)
TestTerraformConnectorExample 2022-08-03T16:02:14Z logger.go:66:                           + type                  = (known after apply)
TestTerraformConnectorExample 2022-08-03T16:02:14Z logger.go:66:                         }
TestTerraformConnectorExample 2022-08-03T16:02:14Z logger.go:66:                       + externalAccess = {
TestTerraformConnectorExample 2022-08-03T16:02:14Z logger.go:66:                           + loadBalancer              = {
TestTerraformConnectorExample 2022-08-03T16:02:14Z logger.go:66:                               + advertisedPort           = (known after apply)
TestTerraformConnectorExample 2022-08-03T16:02:14Z logger.go:66:                               + annotations              = (known after apply)
TestTerraformConnectorExample 2022-08-03T16:02:14Z logger.go:66:                               + bootstrapPrefix          = (known after apply)
TestTerraformConnectorExample 2022-08-03T16:02:14Z logger.go:66:                               + brokerPrefix             = (known after apply)
TestTerraformConnectorExample 2022-08-03T16:02:14Z logger.go:66:                               + domain                   = (known after apply)
TestTerraformConnectorExample 2022-08-03T16:02:14Z logger.go:66:                               + externalTrafficPolicy    = (known after apply)
TestTerraformConnectorExample 2022-08-03T16:02:14Z logger.go:66:                               + labels                   = (known after apply)
TestTerraformConnectorExample 2022-08-03T16:02:14Z logger.go:66:                               + loadBalancerSourceRanges = (known after apply)
TestTerraformConnectorExample 2022-08-03T16:02:14Z logger.go:66:                               + servicePorts             = (known after apply)
TestTerraformConnectorExample 2022-08-03T16:02:14Z logger.go:66:                               + sessionAffinity          = (known after apply)
TestTerraformConnectorExample 2022-08-03T16:02:14Z logger.go:66:                               + sessionAffinityConfig    = {
TestTerraformConnectorExample 2022-08-03T16:02:14Z logger.go:66:                                   + clientIP = {
TestTerraformConnectorExample 2022-08-03T16:02:14Z logger.go:66:                                       + timeoutSeconds = (known after apply)
TestTerraformConnectorExample 2022-08-03T16:02:14Z logger.go:66:                                     }
TestTerraformConnectorExample 2022-08-03T16:02:14Z logger.go:66:                                 }
TestTerraformConnectorExample 2022-08-03T16:02:14Z logger.go:66:                             }
TestTerraformConnectorExample 2022-08-03T16:02:14Z logger.go:66:                           + nodePort                  = {
TestTerraformConnectorExample 2022-08-03T16:02:14Z logger.go:66:                               + advertisedURL         = {
TestTerraformConnectorExample 2022-08-03T16:02:14Z logger.go:66:                                   + enabled = (known after apply)
TestTerraformConnectorExample 2022-08-03T16:02:14Z logger.go:66:                                   + prefix  = (known after apply)
TestTerraformConnectorExample 2022-08-03T16:02:14Z logger.go:66:                                 }
TestTerraformConnectorExample 2022-08-03T16:02:14Z logger.go:66:                               + annotations           = (known after apply)
TestTerraformConnectorExample 2022-08-03T16:02:14Z logger.go:66:                               + externalTrafficPolicy = (known after apply)
TestTerraformConnectorExample 2022-08-03T16:02:14Z logger.go:66:                               + host                  = (known after apply)
TestTerraformConnectorExample 2022-08-03T16:02:14Z logger.go:66:                               + labels                = (known after apply)
TestTerraformConnectorExample 2022-08-03T16:02:14Z logger.go:66:                               + nodePortOffset        = (known after apply)
TestTerraformConnectorExample 2022-08-03T16:02:14Z logger.go:66:                               + servicePorts          = (known after apply)
TestTerraformConnectorExample 2022-08-03T16:02:14Z logger.go:66:                               + sessionAffinity       = (known after apply)
TestTerraformConnectorExample 2022-08-03T16:02:14Z logger.go:66:                               + sessionAffinityConfig = {
TestTerraformConnectorExample 2022-08-03T16:02:14Z logger.go:66:                                   + clientIP = {
TestTerraformConnectorExample 2022-08-03T16:02:14Z logger.go:66:                                       + timeoutSeconds = (known after apply)
TestTerraformConnectorExample 2022-08-03T16:02:14Z logger.go:66:                                     }
TestTerraformConnectorExample 2022-08-03T16:02:14Z logger.go:66:                                 }
TestTerraformConnectorExample 2022-08-03T16:02:14Z logger.go:66:                             }
TestTerraformConnectorExample 2022-08-03T16:02:14Z logger.go:66:                           + route                     = {
TestTerraformConnectorExample 2022-08-03T16:02:14Z logger.go:66:                               + annotations     = (known after apply)
TestTerraformConnectorExample 2022-08-03T16:02:14Z logger.go:66:                               + bootstrapPrefix = (known after apply)
TestTerraformConnectorExample 2022-08-03T16:02:14Z logger.go:66:                               + brokerPrefix    = (known after apply)
TestTerraformConnectorExample 2022-08-03T16:02:14Z logger.go:66:                               + domain          = (known after apply)
TestTerraformConnectorExample 2022-08-03T16:02:14Z logger.go:66:                               + labels          = (known after apply)
TestTerraformConnectorExample 2022-08-03T16:02:14Z logger.go:66:                               + wildcardPolicy  = (known after apply)
TestTerraformConnectorExample 2022-08-03T16:02:14Z logger.go:66:                             }
TestTerraformConnectorExample 2022-08-03T16:02:14Z logger.go:66:                           + staticForHostBasedRouting = {
TestTerraformConnectorExample 2022-08-03T16:02:14Z logger.go:66:                               + brokerPrefix = (known after apply)
TestTerraformConnectorExample 2022-08-03T16:02:14Z logger.go:66:                               + domain       = (known after apply)
TestTerraformConnectorExample 2022-08-03T16:02:14Z logger.go:66:                               + port         = (known after apply)
TestTerraformConnectorExample 2022-08-03T16:02:14Z logger.go:66:                             }
TestTerraformConnectorExample 2022-08-03T16:02:14Z logger.go:66:                           + staticForPortBasedRouting = {
TestTerraformConnectorExample 2022-08-03T16:02:14Z logger.go:66:                               + host       = (known after apply)
TestTerraformConnectorExample 2022-08-03T16:02:14Z logger.go:66:                               + portOffset = (known after apply)
TestTerraformConnectorExample 2022-08-03T16:02:14Z logger.go:66:                             }
TestTerraformConnectorExample 2022-08-03T16:02:14Z logger.go:66:                           + type                      = (known after apply)
TestTerraformConnectorExample 2022-08-03T16:02:14Z logger.go:66:                         }
TestTerraformConnectorExample 2022-08-03T16:02:14Z logger.go:66:                       + tls            = {
TestTerraformConnectorExample 2022-08-03T16:02:14Z logger.go:66:                           + directoryPathInContainer = (known after apply)
TestTerraformConnectorExample 2022-08-03T16:02:14Z logger.go:66:                           + enabled                  = (known after apply)
TestTerraformConnectorExample 2022-08-03T16:02:14Z logger.go:66:                           + ignoreTrustStoreConfig   = (known after apply)
TestTerraformConnectorExample 2022-08-03T16:02:14Z logger.go:66:                           + jksPassword              = {
TestTerraformConnectorExample 2022-08-03T16:02:14Z logger.go:66:                               + secretRef = (known after apply)
TestTerraformConnectorExample 2022-08-03T16:02:14Z logger.go:66:                             }
TestTerraformConnectorExample 2022-08-03T16:02:14Z logger.go:66:                           + secretRef                = (known after apply)
TestTerraformConnectorExample 2022-08-03T16:02:14Z logger.go:66:                         }
TestTerraformConnectorExample 2022-08-03T16:02:14Z logger.go:66:                     }
TestTerraformConnectorExample 2022-08-03T16:02:14Z logger.go:66:                   + internal = {
TestTerraformConnectorExample 2022-08-03T16:02:14Z logger.go:66:                       + authentication = {
TestTerraformConnectorExample 2022-08-03T16:02:14Z logger.go:66:                           + jaasConfig            = {
TestTerraformConnectorExample 2022-08-03T16:02:14Z logger.go:66:                               + secretRef = (known after apply)
TestTerraformConnectorExample 2022-08-03T16:02:14Z logger.go:66:                             }
TestTerraformConnectorExample 2022-08-03T16:02:14Z logger.go:66:                           + jaasConfigPassThrough = {
TestTerraformConnectorExample 2022-08-03T16:02:14Z logger.go:66:                               + directoryPathInContainer = (known after apply)
TestTerraformConnectorExample 2022-08-03T16:02:14Z logger.go:66:                               + secretRef                = (known after apply)
TestTerraformConnectorExample 2022-08-03T16:02:14Z logger.go:66:                             }
TestTerraformConnectorExample 2022-08-03T16:02:14Z logger.go:66:                           + principalMappingRules = (known after apply)
TestTerraformConnectorExample 2022-08-03T16:02:14Z logger.go:66:                           + type                  = (known after apply)
TestTerraformConnectorExample 2022-08-03T16:02:14Z logger.go:66:                         }
TestTerraformConnectorExample 2022-08-03T16:02:14Z logger.go:66:                       + tls            = {
TestTerraformConnectorExample 2022-08-03T16:02:14Z logger.go:66:                           + directoryPathInContainer = (known after apply)
TestTerraformConnectorExample 2022-08-03T16:02:14Z logger.go:66:                           + enabled                  = (known after apply)
TestTerraformConnectorExample 2022-08-03T16:02:14Z logger.go:66:                           + ignoreTrustStoreConfig   = (known after apply)
TestTerraformConnectorExample 2022-08-03T16:02:14Z logger.go:66:                           + jksPassword              = {
TestTerraformConnectorExample 2022-08-03T16:02:14Z logger.go:66:                               + secretRef = (known after apply)
TestTerraformConnectorExample 2022-08-03T16:02:14Z logger.go:66:                             }
TestTerraformConnectorExample 2022-08-03T16:02:14Z logger.go:66:                           + secretRef                = (known after apply)
TestTerraformConnectorExample 2022-08-03T16:02:14Z logger.go:66:                         }
TestTerraformConnectorExample 2022-08-03T16:02:14Z logger.go:66:                     }
TestTerraformConnectorExample 2022-08-03T16:02:14Z logger.go:66:                 }
TestTerraformConnectorExample 2022-08-03T16:02:14Z logger.go:66:               + metricReporter     = {
TestTerraformConnectorExample 2022-08-03T16:02:14Z logger.go:66:                   + authentication    = {
TestTerraformConnectorExample 2022-08-03T16:02:14Z logger.go:66:                       + jaasConfig            = {
TestTerraformConnectorExample 2022-08-03T16:02:14Z logger.go:66:                           + secretRef = (known after apply)
TestTerraformConnectorExample 2022-08-03T16:02:14Z logger.go:66:                         }
TestTerraformConnectorExample 2022-08-03T16:02:14Z logger.go:66:                       + jaasConfigPassThrough = {
TestTerraformConnectorExample 2022-08-03T16:02:14Z logger.go:66:                           + directoryPathInContainer = (known after apply)
TestTerraformConnectorExample 2022-08-03T16:02:14Z logger.go:66:                           + secretRef                = (known after apply)
TestTerraformConnectorExample 2022-08-03T16:02:14Z logger.go:66:                         }
TestTerraformConnectorExample 2022-08-03T16:02:14Z logger.go:66:                       + oauthbearer           = {
TestTerraformConnectorExample 2022-08-03T16:02:14Z logger.go:66:                           + directoryPathInContainer = (known after apply)
TestTerraformConnectorExample 2022-08-03T16:02:14Z logger.go:66:                           + secretRef                = (known after apply)
TestTerraformConnectorExample 2022-08-03T16:02:14Z logger.go:66:                         }
TestTerraformConnectorExample 2022-08-03T16:02:14Z logger.go:66:                       + type                  = (known after apply)
TestTerraformConnectorExample 2022-08-03T16:02:14Z logger.go:66:                     }
TestTerraformConnectorExample 2022-08-03T16:02:14Z logger.go:66:                   + bootstrapEndpoint = (known after apply)
TestTerraformConnectorExample 2022-08-03T16:02:14Z logger.go:66:                   + enabled           = true
TestTerraformConnectorExample 2022-08-03T16:02:14Z logger.go:66:                   + replicationFactor = (known after apply)
TestTerraformConnectorExample 2022-08-03T16:02:14Z logger.go:66:                   + tls               = {
TestTerraformConnectorExample 2022-08-03T16:02:14Z logger.go:66:                       + directoryPathInContainer = (known after apply)
TestTerraformConnectorExample 2022-08-03T16:02:14Z logger.go:66:                       + enabled                  = (known after apply)
TestTerraformConnectorExample 2022-08-03T16:02:14Z logger.go:66:                       + ignoreTrustStoreConfig   = (known after apply)
TestTerraformConnectorExample 2022-08-03T16:02:14Z logger.go:66:                       + jksPassword              = {
TestTerraformConnectorExample 2022-08-03T16:02:14Z logger.go:66:                           + secretRef = (known after apply)
TestTerraformConnectorExample 2022-08-03T16:02:14Z logger.go:66:                         }
TestTerraformConnectorExample 2022-08-03T16:02:14Z logger.go:66:                       + secretRef                = (known after apply)
TestTerraformConnectorExample 2022-08-03T16:02:14Z logger.go:66:                     }
TestTerraformConnectorExample 2022-08-03T16:02:14Z logger.go:66:                 }
TestTerraformConnectorExample 2022-08-03T16:02:14Z logger.go:66:               + metrics            = {
TestTerraformConnectorExample 2022-08-03T16:02:14Z logger.go:66:                   + authentication = {
TestTerraformConnectorExample 2022-08-03T16:02:14Z logger.go:66:                       + type = (known after apply)
TestTerraformConnectorExample 2022-08-03T16:02:14Z logger.go:66:                     }
TestTerraformConnectorExample 2022-08-03T16:02:14Z logger.go:66:                   + prometheus     = {
TestTerraformConnectorExample 2022-08-03T16:02:14Z logger.go:66:                       + blacklist = (known after apply)
TestTerraformConnectorExample 2022-08-03T16:02:14Z logger.go:66:                       + rules     = (known after apply)
TestTerraformConnectorExample 2022-08-03T16:02:14Z logger.go:66:                       + whitelist = (known after apply)
TestTerraformConnectorExample 2022-08-03T16:02:14Z logger.go:66:                     }
TestTerraformConnectorExample 2022-08-03T16:02:14Z logger.go:66:                   + tls            = {
TestTerraformConnectorExample 2022-08-03T16:02:14Z logger.go:66:                       + directoryPathInContainer = (known after apply)
TestTerraformConnectorExample 2022-08-03T16:02:14Z logger.go:66:                       + enabled                  = (known after apply)
TestTerraformConnectorExample 2022-08-03T16:02:14Z logger.go:66:                       + ignoreTrustStoreConfig   = (known after apply)
TestTerraformConnectorExample 2022-08-03T16:02:14Z logger.go:66:                       + jksPassword              = {
TestTerraformConnectorExample 2022-08-03T16:02:14Z logger.go:66:                           + secretRef = (known after apply)
TestTerraformConnectorExample 2022-08-03T16:02:14Z logger.go:66:                         }
TestTerraformConnectorExample 2022-08-03T16:02:14Z logger.go:66:                       + secretRef                = (known after apply)
TestTerraformConnectorExample 2022-08-03T16:02:14Z logger.go:66:                     }
TestTerraformConnectorExample 2022-08-03T16:02:14Z logger.go:66:                 }
TestTerraformConnectorExample 2022-08-03T16:02:14Z logger.go:66:               + mountedSecrets     = (known after apply)
TestTerraformConnectorExample 2022-08-03T16:02:14Z logger.go:66:               + mountedVolumes     = {
TestTerraformConnectorExample 2022-08-03T16:02:14Z logger.go:66:                   + volumeMounts = (known after apply)
TestTerraformConnectorExample 2022-08-03T16:02:14Z logger.go:66:                   + volumes      = (known after apply)
TestTerraformConnectorExample 2022-08-03T16:02:14Z logger.go:66:                 }
TestTerraformConnectorExample 2022-08-03T16:02:14Z logger.go:66:               + oneReplicaPerNode  = (known after apply)
TestTerraformConnectorExample 2022-08-03T16:02:14Z logger.go:66:               + passwordEncoder    = {
TestTerraformConnectorExample 2022-08-03T16:02:14Z logger.go:66:                   + directoryPathInContainer = (known after apply)
TestTerraformConnectorExample 2022-08-03T16:02:14Z logger.go:66:                   + secretRef                = (known after apply)
TestTerraformConnectorExample 2022-08-03T16:02:14Z logger.go:66:                 }
TestTerraformConnectorExample 2022-08-03T16:02:14Z logger.go:66:               + podTemplate        = {
TestTerraformConnectorExample 2022-08-03T16:02:14Z logger.go:66:                   + affinity                      = {
TestTerraformConnectorExample 2022-08-03T16:02:14Z logger.go:66:                       + nodeAffinity    = {
TestTerraformConnectorExample 2022-08-03T16:02:14Z logger.go:66:                           + preferredDuringSchedulingIgnoredDuringExecution = (known after apply)
TestTerraformConnectorExample 2022-08-03T16:02:14Z logger.go:66:                           + requiredDuringSchedulingIgnoredDuringExecution  = {
TestTerraformConnectorExample 2022-08-03T16:02:14Z logger.go:66:                               + nodeSelectorTerms = (known after apply)
TestTerraformConnectorExample 2022-08-03T16:02:14Z logger.go:66:                             }
TestTerraformConnectorExample 2022-08-03T16:02:14Z logger.go:66:                         }
TestTerraformConnectorExample 2022-08-03T16:02:14Z logger.go:66:                       + podAffinity     = {
TestTerraformConnectorExample 2022-08-03T16:02:14Z logger.go:66:                           + preferredDuringSchedulingIgnoredDuringExecution = (known after apply)
TestTerraformConnectorExample 2022-08-03T16:02:14Z logger.go:66:                           + requiredDuringSchedulingIgnoredDuringExecution  = (known after apply)
TestTerraformConnectorExample 2022-08-03T16:02:14Z logger.go:66:                         }
TestTerraformConnectorExample 2022-08-03T16:02:14Z logger.go:66:                       + podAntiAffinity = {
TestTerraformConnectorExample 2022-08-03T16:02:14Z logger.go:66:                           + preferredDuringSchedulingIgnoredDuringExecution = (known after apply)
TestTerraformConnectorExample 2022-08-03T16:02:14Z logger.go:66:                           + requiredDuringSchedulingIgnoredDuringExecution  = (known after apply)
TestTerraformConnectorExample 2022-08-03T16:02:14Z logger.go:66:                         }
TestTerraformConnectorExample 2022-08-03T16:02:14Z logger.go:66:                     }
TestTerraformConnectorExample 2022-08-03T16:02:14Z logger.go:66:                   + annotations                   = (known after apply)
TestTerraformConnectorExample 2022-08-03T16:02:14Z logger.go:66:                   + envVars                       = (known after apply)
TestTerraformConnectorExample 2022-08-03T16:02:14Z logger.go:66:                   + labels                        = (known after apply)
TestTerraformConnectorExample 2022-08-03T16:02:14Z logger.go:66:                   + podSecurityContext            = {
TestTerraformConnectorExample 2022-08-03T16:02:14Z logger.go:66:                       + fsGroup             = (known after apply)
TestTerraformConnectorExample 2022-08-03T16:02:14Z logger.go:66:                       + fsGroupChangePolicy = (known after apply)
TestTerraformConnectorExample 2022-08-03T16:02:14Z logger.go:66:                       + runAsGroup          = (known after apply)
TestTerraformConnectorExample 2022-08-03T16:02:14Z logger.go:66:                       + runAsNonRoot        = (known after apply)
TestTerraformConnectorExample 2022-08-03T16:02:14Z logger.go:66:                       + runAsUser           = (known after apply)
TestTerraformConnectorExample 2022-08-03T16:02:14Z logger.go:66:                       + seLinuxOptions      = {
TestTerraformConnectorExample 2022-08-03T16:02:14Z logger.go:66:                           + level = (known after apply)
TestTerraformConnectorExample 2022-08-03T16:02:14Z logger.go:66:                           + role  = (known after apply)
TestTerraformConnectorExample 2022-08-03T16:02:14Z logger.go:66:                           + type  = (known after apply)
TestTerraformConnectorExample 2022-08-03T16:02:14Z logger.go:66:                           + user  = (known after apply)
TestTerraformConnectorExample 2022-08-03T16:02:14Z logger.go:66:                         }
TestTerraformConnectorExample 2022-08-03T16:02:14Z logger.go:66:                       + seccompProfile      = {
TestTerraformConnectorExample 2022-08-03T16:02:14Z logger.go:66:                           + localhostProfile = (known after apply)
TestTerraformConnectorExample 2022-08-03T16:02:14Z logger.go:66:                           + type             = (known after apply)
TestTerraformConnectorExample 2022-08-03T16:02:14Z logger.go:66:                         }
TestTerraformConnectorExample 2022-08-03T16:02:14Z logger.go:66:                       + supplementalGroups  = (known after apply)
TestTerraformConnectorExample 2022-08-03T16:02:14Z logger.go:66:                       + sysctls             = (known after apply)
TestTerraformConnectorExample 2022-08-03T16:02:14Z logger.go:66:                       + windowsOptions      = {
TestTerraformConnectorExample 2022-08-03T16:02:14Z logger.go:66:                           + gmsaCredentialSpec     = (known after apply)
TestTerraformConnectorExample 2022-08-03T16:02:14Z logger.go:66:                           + gmsaCredentialSpecName = (known after apply)
TestTerraformConnectorExample 2022-08-03T16:02:14Z logger.go:66:                           + hostProcess            = (known after apply)
TestTerraformConnectorExample 2022-08-03T16:02:14Z logger.go:66:                           + runAsUserName          = (known after apply)
TestTerraformConnectorExample 2022-08-03T16:02:14Z logger.go:66:                         }
TestTerraformConnectorExample 2022-08-03T16:02:14Z logger.go:66:                     }
TestTerraformConnectorExample 2022-08-03T16:02:14Z logger.go:66:                   + priorityClassName             = (known after apply)
TestTerraformConnectorExample 2022-08-03T16:02:14Z logger.go:66:                   + probe                         = {
TestTerraformConnectorExample 2022-08-03T16:02:14Z logger.go:66:                       + liveness  = {
TestTerraformConnectorExample 2022-08-03T16:02:14Z logger.go:66:                           + failureThreshold    = (known after apply)
TestTerraformConnectorExample 2022-08-03T16:02:14Z logger.go:66:                           + initialDelaySeconds = (known after apply)
TestTerraformConnectorExample 2022-08-03T16:02:14Z logger.go:66:                           + periodSeconds       = (known after apply)
TestTerraformConnectorExample 2022-08-03T16:02:14Z logger.go:66:                           + successThreshold    = (known after apply)
TestTerraformConnectorExample 2022-08-03T16:02:14Z logger.go:66:                           + timeoutSeconds      = (known after apply)
TestTerraformConnectorExample 2022-08-03T16:02:14Z logger.go:66:                         }
TestTerraformConnectorExample 2022-08-03T16:02:14Z logger.go:66:                       + readiness = {
TestTerraformConnectorExample 2022-08-03T16:02:14Z logger.go:66:                           + failureThreshold    = (known after apply)
TestTerraformConnectorExample 2022-08-03T16:02:14Z logger.go:66:                           + initialDelaySeconds = (known after apply)
TestTerraformConnectorExample 2022-08-03T16:02:14Z logger.go:66:                           + periodSeconds       = (known after apply)
TestTerraformConnectorExample 2022-08-03T16:02:14Z logger.go:66:                           + successThreshold    = (known after apply)
TestTerraformConnectorExample 2022-08-03T16:02:14Z logger.go:66:                           + timeoutSeconds      = (known after apply)
TestTerraformConnectorExample 2022-08-03T16:02:14Z logger.go:66:                         }
TestTerraformConnectorExample 2022-08-03T16:02:14Z logger.go:66:                     }
TestTerraformConnectorExample 2022-08-03T16:02:14Z logger.go:66:                   + resources                     = {
TestTerraformConnectorExample 2022-08-03T16:02:14Z logger.go:66:                       + limits   = (known after apply)
TestTerraformConnectorExample 2022-08-03T16:02:14Z logger.go:66:                       + requests = (known after apply)
TestTerraformConnectorExample 2022-08-03T16:02:14Z logger.go:66:                     }
TestTerraformConnectorExample 2022-08-03T16:02:14Z logger.go:66:                   + securityContext               = {
TestTerraformConnectorExample 2022-08-03T16:02:14Z logger.go:66:                       + allowPrivilegeEscalation = (known after apply)
TestTerraformConnectorExample 2022-08-03T16:02:14Z logger.go:66:                       + capabilities             = {
TestTerraformConnectorExample 2022-08-03T16:02:14Z logger.go:66:                           + add  = (known after apply)
TestTerraformConnectorExample 2022-08-03T16:02:14Z logger.go:66:                           + drop = (known after apply)
TestTerraformConnectorExample 2022-08-03T16:02:14Z logger.go:66:                         }
TestTerraformConnectorExample 2022-08-03T16:02:14Z logger.go:66:                       + privileged               = (known after apply)
TestTerraformConnectorExample 2022-08-03T16:02:14Z logger.go:66:                       + procMount                = (known after apply)
TestTerraformConnectorExample 2022-08-03T16:02:14Z logger.go:66:                       + readOnlyRootFilesystem   = (known after apply)
TestTerraformConnectorExample 2022-08-03T16:02:14Z logger.go:66:                       + runAsGroup               = (known after apply)
TestTerraformConnectorExample 2022-08-03T16:02:14Z logger.go:66:                       + runAsNonRoot             = (known after apply)
TestTerraformConnectorExample 2022-08-03T16:02:14Z logger.go:66:                       + runAsUser                = (known after apply)
TestTerraformConnectorExample 2022-08-03T16:02:14Z logger.go:66:                       + seLinuxOptions           = {
TestTerraformConnectorExample 2022-08-03T16:02:14Z logger.go:66:                           + level = (known after apply)
TestTerraformConnectorExample 2022-08-03T16:02:14Z logger.go:66:                           + role  = (known after apply)
TestTerraformConnectorExample 2022-08-03T16:02:14Z logger.go:66:                           + type  = (known after apply)
TestTerraformConnectorExample 2022-08-03T16:02:14Z logger.go:66:                           + user  = (known after apply)
TestTerraformConnectorExample 2022-08-03T16:02:14Z logger.go:66:                         }
TestTerraformConnectorExample 2022-08-03T16:02:14Z logger.go:66:                       + seccompProfile           = {
TestTerraformConnectorExample 2022-08-03T16:02:14Z logger.go:66:                           + localhostProfile = (known after apply)
TestTerraformConnectorExample 2022-08-03T16:02:14Z logger.go:66:                           + type             = (known after apply)
TestTerraformConnectorExample 2022-08-03T16:02:14Z logger.go:66:                         }
TestTerraformConnectorExample 2022-08-03T16:02:14Z logger.go:66:                       + windowsOptions           = {
TestTerraformConnectorExample 2022-08-03T16:02:14Z logger.go:66:                           + gmsaCredentialSpec     = (known after apply)
TestTerraformConnectorExample 2022-08-03T16:02:14Z logger.go:66:                           + gmsaCredentialSpecName = (known after apply)
TestTerraformConnectorExample 2022-08-03T16:02:14Z logger.go:66:                           + hostProcess            = (known after apply)
TestTerraformConnectorExample 2022-08-03T16:02:14Z logger.go:66:                           + runAsUserName          = (known after apply)
TestTerraformConnectorExample 2022-08-03T16:02:14Z logger.go:66:                         }
TestTerraformConnectorExample 2022-08-03T16:02:14Z logger.go:66:                     }
TestTerraformConnectorExample 2022-08-03T16:02:14Z logger.go:66:                   + serviceAccountName            = (known after apply)
TestTerraformConnectorExample 2022-08-03T16:02:14Z logger.go:66:                   + terminationGracePeriodSeconds = (known after apply)
TestTerraformConnectorExample 2022-08-03T16:02:14Z logger.go:66:                   + tolerations                   = (known after apply)
TestTerraformConnectorExample 2022-08-03T16:02:14Z logger.go:66:                   + topologySpreadConstraints     = (known after apply)
TestTerraformConnectorExample 2022-08-03T16:02:14Z logger.go:66:                 }
TestTerraformConnectorExample 2022-08-03T16:02:14Z logger.go:66:               + rackAssignment     = {
TestTerraformConnectorExample 2022-08-03T16:02:14Z logger.go:66:                   + availabilityZoneCount = (known after apply)
TestTerraformConnectorExample 2022-08-03T16:02:14Z logger.go:66:                   + nodeLabels            = (known after apply)
TestTerraformConnectorExample 2022-08-03T16:02:14Z logger.go:66:                 }
TestTerraformConnectorExample 2022-08-03T16:02:14Z logger.go:66:               + replicas           = 3
TestTerraformConnectorExample 2022-08-03T16:02:14Z logger.go:66:               + services           = {
TestTerraformConnectorExample 2022-08-03T16:02:14Z logger.go:66:                   + kafkaRest = {
TestTerraformConnectorExample 2022-08-03T16:02:14Z logger.go:66:                       + authentication = {
TestTerraformConnectorExample 2022-08-03T16:02:14Z logger.go:66:                           + basic = {
TestTerraformConnectorExample 2022-08-03T16:02:14Z logger.go:66:                               + debug                    = (known after apply)
TestTerraformConnectorExample 2022-08-03T16:02:14Z logger.go:66:                               + directoryPathInContainer = (known after apply)
TestTerraformConnectorExample 2022-08-03T16:02:14Z logger.go:66:                               + restrictedRoles          = (known after apply)
TestTerraformConnectorExample 2022-08-03T16:02:14Z logger.go:66:                               + roles                    = (known after apply)
TestTerraformConnectorExample 2022-08-03T16:02:14Z logger.go:66:                               + secretRef                = (known after apply)
TestTerraformConnectorExample 2022-08-03T16:02:14Z logger.go:66:                             }
TestTerraformConnectorExample 2022-08-03T16:02:14Z logger.go:66:                           + type  = (known after apply)
TestTerraformConnectorExample 2022-08-03T16:02:14Z logger.go:66:                         }
TestTerraformConnectorExample 2022-08-03T16:02:14Z logger.go:66:                       + externalAccess = {
TestTerraformConnectorExample 2022-08-03T16:02:14Z logger.go:66:                           + loadBalancer = {
TestTerraformConnectorExample 2022-08-03T16:02:14Z logger.go:66:                               + advertisedURL            = {
TestTerraformConnectorExample 2022-08-03T16:02:14Z logger.go:66:                                   + enabled = (known after apply)
TestTerraformConnectorExample 2022-08-03T16:02:14Z logger.go:66:                                   + prefix  = (known after apply)
TestTerraformConnectorExample 2022-08-03T16:02:14Z logger.go:66:                                 }
TestTerraformConnectorExample 2022-08-03T16:02:14Z logger.go:66:                               + annotations              = (known after apply)
TestTerraformConnectorExample 2022-08-03T16:02:14Z logger.go:66:                               + domain                   = (known after apply)
TestTerraformConnectorExample 2022-08-03T16:02:14Z logger.go:66:                               + externalTrafficPolicy    = (known after apply)
TestTerraformConnectorExample 2022-08-03T16:02:14Z logger.go:66:                               + labels                   = (known after apply)
TestTerraformConnectorExample 2022-08-03T16:02:14Z logger.go:66:                               + loadBalancerSourceRanges = (known after apply)
TestTerraformConnectorExample 2022-08-03T16:02:14Z logger.go:66:                               + port                     = (known after apply)
TestTerraformConnectorExample 2022-08-03T16:02:14Z logger.go:66:                               + prefix                   = (known after apply)
TestTerraformConnectorExample 2022-08-03T16:02:14Z logger.go:66:                               + servicePorts             = (known after apply)
TestTerraformConnectorExample 2022-08-03T16:02:14Z logger.go:66:                               + sessionAffinity          = (known after apply)
TestTerraformConnectorExample 2022-08-03T16:02:14Z logger.go:66:                               + sessionAffinityConfig    = {
TestTerraformConnectorExample 2022-08-03T16:02:14Z logger.go:66:                                   + clientIP = {
TestTerraformConnectorExample 2022-08-03T16:02:14Z logger.go:66:                                       + timeoutSeconds = (known after apply)
TestTerraformConnectorExample 2022-08-03T16:02:14Z logger.go:66:                                     }
TestTerraformConnectorExample 2022-08-03T16:02:14Z logger.go:66:                                 }
TestTerraformConnectorExample 2022-08-03T16:02:14Z logger.go:66:                             }
TestTerraformConnectorExample 2022-08-03T16:02:14Z logger.go:66:                           + nodePort     = {
TestTerraformConnectorExample 2022-08-03T16:02:14Z logger.go:66:                               + advertisedURL         = {
TestTerraformConnectorExample 2022-08-03T16:02:14Z logger.go:66:                                   + enabled = (known after apply)
TestTerraformConnectorExample 2022-08-03T16:02:14Z logger.go:66:                                   + prefix  = (known after apply)
TestTerraformConnectorExample 2022-08-03T16:02:14Z logger.go:66:                                 }
TestTerraformConnectorExample 2022-08-03T16:02:14Z logger.go:66:                               + annotations           = (known after apply)
TestTerraformConnectorExample 2022-08-03T16:02:14Z logger.go:66:                               + externalTrafficPolicy = (known after apply)
TestTerraformConnectorExample 2022-08-03T16:02:14Z logger.go:66:                               + host                  = (known after apply)
TestTerraformConnectorExample 2022-08-03T16:02:14Z logger.go:66:                               + labels                = (known after apply)
TestTerraformConnectorExample 2022-08-03T16:02:14Z logger.go:66:                               + nodePortOffset        = (known after apply)
TestTerraformConnectorExample 2022-08-03T16:02:14Z logger.go:66:                               + servicePorts          = (known after apply)
TestTerraformConnectorExample 2022-08-03T16:02:14Z logger.go:66:                               + sessionAffinity       = (known after apply)
TestTerraformConnectorExample 2022-08-03T16:02:14Z logger.go:66:                               + sessionAffinityConfig = {
TestTerraformConnectorExample 2022-08-03T16:02:14Z logger.go:66:                                   + clientIP = {
TestTerraformConnectorExample 2022-08-03T16:02:14Z logger.go:66:                                       + timeoutSeconds = (known after apply)
TestTerraformConnectorExample 2022-08-03T16:02:14Z logger.go:66:                                     }
TestTerraformConnectorExample 2022-08-03T16:02:14Z logger.go:66:                                 }
TestTerraformConnectorExample 2022-08-03T16:02:14Z logger.go:66:                             }
TestTerraformConnectorExample 2022-08-03T16:02:14Z logger.go:66:                           + route        = {
TestTerraformConnectorExample 2022-08-03T16:02:14Z logger.go:66:                               + annotations    = (known after apply)
TestTerraformConnectorExample 2022-08-03T16:02:14Z logger.go:66:                               + domain         = (known after apply)
TestTerraformConnectorExample 2022-08-03T16:02:14Z logger.go:66:                               + labels         = (known after apply)
TestTerraformConnectorExample 2022-08-03T16:02:14Z logger.go:66:                               + prefix         = (known after apply)
TestTerraformConnectorExample 2022-08-03T16:02:14Z logger.go:66:                               + wildcardPolicy = (known after apply)
TestTerraformConnectorExample 2022-08-03T16:02:14Z logger.go:66:                             }
TestTerraformConnectorExample 2022-08-03T16:02:14Z logger.go:66:                           + type         = (known after apply)
TestTerraformConnectorExample 2022-08-03T16:02:14Z logger.go:66:                         }
TestTerraformConnectorExample 2022-08-03T16:02:14Z logger.go:66:                       + tls            = {
TestTerraformConnectorExample 2022-08-03T16:02:14Z logger.go:66:                           + directoryPathInContainer = (known after apply)
TestTerraformConnectorExample 2022-08-03T16:02:14Z logger.go:66:                           + enabled                  = (known after apply)
TestTerraformConnectorExample 2022-08-03T16:02:14Z logger.go:66:                           + ignoreTrustStoreConfig   = (known after apply)
TestTerraformConnectorExample 2022-08-03T16:02:14Z logger.go:66:                           + jksPassword              = {
TestTerraformConnectorExample 2022-08-03T16:02:14Z logger.go:66:                               + secretRef = (known after apply)
TestTerraformConnectorExample 2022-08-03T16:02:14Z logger.go:66:                             }
TestTerraformConnectorExample 2022-08-03T16:02:14Z logger.go:66:                           + secretRef                = (known after apply)
TestTerraformConnectorExample 2022-08-03T16:02:14Z logger.go:66:                         }
TestTerraformConnectorExample 2022-08-03T16:02:14Z logger.go:66:                     }
TestTerraformConnectorExample 2022-08-03T16:02:14Z logger.go:66:                   + mds       = {
TestTerraformConnectorExample 2022-08-03T16:02:14Z logger.go:66:                       + authentication = {
TestTerraformConnectorExample 2022-08-03T16:02:14Z logger.go:66:                           + type = (known after apply)
TestTerraformConnectorExample 2022-08-03T16:02:14Z logger.go:66:                         }
TestTerraformConnectorExample 2022-08-03T16:02:14Z logger.go:66:                       + externalAccess = {
TestTerraformConnectorExample 2022-08-03T16:02:14Z logger.go:66:                           + loadBalancer = {
TestTerraformConnectorExample 2022-08-03T16:02:14Z logger.go:66:                               + advertisedURL            = {
TestTerraformConnectorExample 2022-08-03T16:02:14Z logger.go:66:                                   + enabled = (known after apply)
TestTerraformConnectorExample 2022-08-03T16:02:14Z logger.go:66:                                   + prefix  = (known after apply)
TestTerraformConnectorExample 2022-08-03T16:02:14Z logger.go:66:                                 }
TestTerraformConnectorExample 2022-08-03T16:02:14Z logger.go:66:                               + annotations              = (known after apply)
TestTerraformConnectorExample 2022-08-03T16:02:14Z logger.go:66:                               + domain                   = (known after apply)
TestTerraformConnectorExample 2022-08-03T16:02:14Z logger.go:66:                               + externalTrafficPolicy    = (known after apply)
TestTerraformConnectorExample 2022-08-03T16:02:14Z logger.go:66:                               + labels                   = (known after apply)
TestTerraformConnectorExample 2022-08-03T16:02:14Z logger.go:66:                               + loadBalancerSourceRanges = (known after apply)
TestTerraformConnectorExample 2022-08-03T16:02:14Z logger.go:66:                               + port                     = (known after apply)
TestTerraformConnectorExample 2022-08-03T16:02:14Z logger.go:66:                               + prefix                   = (known after apply)
TestTerraformConnectorExample 2022-08-03T16:02:14Z logger.go:66:                               + servicePorts             = (known after apply)
TestTerraformConnectorExample 2022-08-03T16:02:14Z logger.go:66:                               + sessionAffinity          = (known after apply)
TestTerraformConnectorExample 2022-08-03T16:02:14Z logger.go:66:                               + sessionAffinityConfig    = {
TestTerraformConnectorExample 2022-08-03T16:02:14Z logger.go:66:                                   + clientIP = {
TestTerraformConnectorExample 2022-08-03T16:02:14Z logger.go:66:                                       + timeoutSeconds = (known after apply)
TestTerraformConnectorExample 2022-08-03T16:02:14Z logger.go:66:                                     }
TestTerraformConnectorExample 2022-08-03T16:02:14Z logger.go:66:                                 }
TestTerraformConnectorExample 2022-08-03T16:02:14Z logger.go:66:                             }
TestTerraformConnectorExample 2022-08-03T16:02:14Z logger.go:66:                           + nodePort     = {
TestTerraformConnectorExample 2022-08-03T16:02:14Z logger.go:66:                               + advertisedURL         = {
TestTerraformConnectorExample 2022-08-03T16:02:14Z logger.go:66:                                   + enabled = (known after apply)
TestTerraformConnectorExample 2022-08-03T16:02:14Z logger.go:66:                                   + prefix  = (known after apply)
TestTerraformConnectorExample 2022-08-03T16:02:14Z logger.go:66:                                 }
TestTerraformConnectorExample 2022-08-03T16:02:14Z logger.go:66:                               + annotations           = (known after apply)
TestTerraformConnectorExample 2022-08-03T16:02:14Z logger.go:66:                               + externalTrafficPolicy = (known after apply)
TestTerraformConnectorExample 2022-08-03T16:02:14Z logger.go:66:                               + host                  = (known after apply)
TestTerraformConnectorExample 2022-08-03T16:02:14Z logger.go:66:                               + labels                = (known after apply)
TestTerraformConnectorExample 2022-08-03T16:02:14Z logger.go:66:                               + nodePortOffset        = (known after apply)
TestTerraformConnectorExample 2022-08-03T16:02:14Z logger.go:66:                               + servicePorts          = (known after apply)
TestTerraformConnectorExample 2022-08-03T16:02:14Z logger.go:66:                               + sessionAffinity       = (known after apply)
TestTerraformConnectorExample 2022-08-03T16:02:14Z logger.go:66:                               + sessionAffinityConfig = {
TestTerraformConnectorExample 2022-08-03T16:02:14Z logger.go:66:                                   + clientIP = {
TestTerraformConnectorExample 2022-08-03T16:02:14Z logger.go:66:                                       + timeoutSeconds = (known after apply)
TestTerraformConnectorExample 2022-08-03T16:02:14Z logger.go:66:                                     }
TestTerraformConnectorExample 2022-08-03T16:02:14Z logger.go:66:                                 }
TestTerraformConnectorExample 2022-08-03T16:02:14Z logger.go:66:                             }
TestTerraformConnectorExample 2022-08-03T16:02:14Z logger.go:66:                           + route        = {
TestTerraformConnectorExample 2022-08-03T16:02:14Z logger.go:66:                               + annotations    = (known after apply)
TestTerraformConnectorExample 2022-08-03T16:02:14Z logger.go:66:                               + domain         = (known after apply)
TestTerraformConnectorExample 2022-08-03T16:02:14Z logger.go:66:                               + labels         = (known after apply)
TestTerraformConnectorExample 2022-08-03T16:02:14Z logger.go:66:                               + prefix         = (known after apply)
TestTerraformConnectorExample 2022-08-03T16:02:14Z logger.go:66:                               + wildcardPolicy = (known after apply)
TestTerraformConnectorExample 2022-08-03T16:02:14Z logger.go:66:                             }
TestTerraformConnectorExample 2022-08-03T16:02:14Z logger.go:66:                           + type         = (known after apply)
TestTerraformConnectorExample 2022-08-03T16:02:14Z logger.go:66:                         }
TestTerraformConnectorExample 2022-08-03T16:02:14Z logger.go:66:                       + provider       = {
TestTerraformConnectorExample 2022-08-03T16:02:14Z logger.go:66:                           + ldap = {
TestTerraformConnectorExample 2022-08-03T16:02:14Z logger.go:66:                               + address        = (known after apply)
TestTerraformConnectorExample 2022-08-03T16:02:14Z logger.go:66:                               + authentication = {
TestTerraformConnectorExample 2022-08-03T16:02:14Z logger.go:66:                                   + simple = {
TestTerraformConnectorExample 2022-08-03T16:02:14Z logger.go:66:                                       + directoryPathInContainer = (known after apply)
TestTerraformConnectorExample 2022-08-03T16:02:14Z logger.go:66:                                       + secretRef                = (known after apply)
TestTerraformConnectorExample 2022-08-03T16:02:14Z logger.go:66:                                     }
TestTerraformConnectorExample 2022-08-03T16:02:14Z logger.go:66:                                   + type   = (known after apply)
TestTerraformConnectorExample 2022-08-03T16:02:14Z logger.go:66:                                 }
TestTerraformConnectorExample 2022-08-03T16:02:14Z logger.go:66:                               + configurations = {
TestTerraformConnectorExample 2022-08-03T16:02:14Z logger.go:66:                                   + groupMemberAttribute         = (known after apply)
TestTerraformConnectorExample 2022-08-03T16:02:14Z logger.go:66:                                   + groupMemberAttributePattern  = (known after apply)
TestTerraformConnectorExample 2022-08-03T16:02:14Z logger.go:66:                                   + groupNameAttribute           = (known after apply)
TestTerraformConnectorExample 2022-08-03T16:02:14Z logger.go:66:                                   + groupObjectClass             = (known after apply)
TestTerraformConnectorExample 2022-08-03T16:02:14Z logger.go:66:                                   + groupSearchBase              = (known after apply)
TestTerraformConnectorExample 2022-08-03T16:02:14Z logger.go:66:                                   + groupSearchFilter            = (known after apply)
TestTerraformConnectorExample 2022-08-03T16:02:14Z logger.go:66:                                   + groupSearchScope             = (known after apply)
TestTerraformConnectorExample 2022-08-03T16:02:14Z logger.go:66:                                   + userMemberOfAttributePattern = (known after apply)
TestTerraformConnectorExample 2022-08-03T16:02:14Z logger.go:66:                                   + userNameAttribute            = (known after apply)
TestTerraformConnectorExample 2022-08-03T16:02:14Z logger.go:66:                                   + userObjectClass              = (known after apply)
TestTerraformConnectorExample 2022-08-03T16:02:14Z logger.go:66:                                   + userSearchBase               = (known after apply)
TestTerraformConnectorExample 2022-08-03T16:02:14Z logger.go:66:                                   + userSearchFilter             = (known after apply)
TestTerraformConnectorExample 2022-08-03T16:02:14Z logger.go:66:                                   + userSearchScope              = (known after apply)
TestTerraformConnectorExample 2022-08-03T16:02:14Z logger.go:66:                                 }
TestTerraformConnectorExample 2022-08-03T16:02:14Z logger.go:66:                               + tls            = {
TestTerraformConnectorExample 2022-08-03T16:02:14Z logger.go:66:                                   + directoryPathInContainer = (known after apply)
TestTerraformConnectorExample 2022-08-03T16:02:14Z logger.go:66:                                   + enabled                  = (known after apply)
TestTerraformConnectorExample 2022-08-03T16:02:14Z logger.go:66:                                   + ignoreTrustStoreConfig   = (known after apply)
TestTerraformConnectorExample 2022-08-03T16:02:14Z logger.go:66:                                   + jksPassword              = {
TestTerraformConnectorExample 2022-08-03T16:02:14Z logger.go:66:                                       + secretRef = (known after apply)
TestTerraformConnectorExample 2022-08-03T16:02:14Z logger.go:66:                                     }
TestTerraformConnectorExample 2022-08-03T16:02:14Z logger.go:66:                                   + secretRef                = (known after apply)
TestTerraformConnectorExample 2022-08-03T16:02:14Z logger.go:66:                                 }
TestTerraformConnectorExample 2022-08-03T16:02:14Z logger.go:66:                             }
TestTerraformConnectorExample 2022-08-03T16:02:14Z logger.go:66:                           + type = (known after apply)
TestTerraformConnectorExample 2022-08-03T16:02:14Z logger.go:66:                         }
TestTerraformConnectorExample 2022-08-03T16:02:14Z logger.go:66:                       + tls            = {
TestTerraformConnectorExample 2022-08-03T16:02:14Z logger.go:66:                           + directoryPathInContainer = (known after apply)
TestTerraformConnectorExample 2022-08-03T16:02:14Z logger.go:66:                           + enabled                  = (known after apply)
TestTerraformConnectorExample 2022-08-03T16:02:14Z logger.go:66:                           + ignoreTrustStoreConfig   = (known after apply)
TestTerraformConnectorExample 2022-08-03T16:02:14Z logger.go:66:                           + jksPassword              = {
TestTerraformConnectorExample 2022-08-03T16:02:14Z logger.go:66:                               + secretRef = (known after apply)
TestTerraformConnectorExample 2022-08-03T16:02:14Z logger.go:66:                             }
TestTerraformConnectorExample 2022-08-03T16:02:14Z logger.go:66:                           + secretRef                = (known after apply)
TestTerraformConnectorExample 2022-08-03T16:02:14Z logger.go:66:                         }
TestTerraformConnectorExample 2022-08-03T16:02:14Z logger.go:66:                       + tokenKeyPair   = {
TestTerraformConnectorExample 2022-08-03T16:02:14Z logger.go:66:                           + directoryPathInContainer = (known after apply)
TestTerraformConnectorExample 2022-08-03T16:02:14Z logger.go:66:                           + secretRef                = (known after apply)
TestTerraformConnectorExample 2022-08-03T16:02:14Z logger.go:66:                         }
TestTerraformConnectorExample 2022-08-03T16:02:14Z logger.go:66:                     }
TestTerraformConnectorExample 2022-08-03T16:02:14Z logger.go:66:                 }
TestTerraformConnectorExample 2022-08-03T16:02:14Z logger.go:66:               + storageClass       = {
TestTerraformConnectorExample 2022-08-03T16:02:14Z logger.go:66:                   + name = (known after apply)
TestTerraformConnectorExample 2022-08-03T16:02:14Z logger.go:66:                 }
TestTerraformConnectorExample 2022-08-03T16:02:14Z logger.go:66:               + telemetry          = {
TestTerraformConnectorExample 2022-08-03T16:02:14Z logger.go:66:                   + global = (known after apply)
TestTerraformConnectorExample 2022-08-03T16:02:14Z logger.go:66:                 }
TestTerraformConnectorExample 2022-08-03T16:02:14Z logger.go:66:               + tls                = {
TestTerraformConnectorExample 2022-08-03T16:02:14Z logger.go:66:                   + autoGeneratedCerts       = (known after apply)
TestTerraformConnectorExample 2022-08-03T16:02:14Z logger.go:66:                   + directoryPathInContainer = (known after apply)
TestTerraformConnectorExample 2022-08-03T16:02:14Z logger.go:66:                   + ignoreTrustStoreConfig   = (known after apply)
TestTerraformConnectorExample 2022-08-03T16:02:14Z logger.go:66:                   + jksPassword              = {
TestTerraformConnectorExample 2022-08-03T16:02:14Z logger.go:66:                       + secretRef = (known after apply)
TestTerraformConnectorExample 2022-08-03T16:02:14Z logger.go:66:                     }
TestTerraformConnectorExample 2022-08-03T16:02:14Z logger.go:66:                   + secretRef                = (known after apply)
TestTerraformConnectorExample 2022-08-03T16:02:14Z logger.go:66:                 }
TestTerraformConnectorExample 2022-08-03T16:02:14Z logger.go:66:             }
TestTerraformConnectorExample 2022-08-03T16:02:14Z logger.go:66:         }
TestTerraformConnectorExample 2022-08-03T16:02:14Z logger.go:66:
TestTerraformConnectorExample 2022-08-03T16:02:14Z logger.go:66:       + timeouts {
TestTerraformConnectorExample 2022-08-03T16:02:14Z logger.go:66:           + create = "1h"
TestTerraformConnectorExample 2022-08-03T16:02:14Z logger.go:66:           + delete = "10m"
TestTerraformConnectorExample 2022-08-03T16:02:14Z logger.go:66:           + update = "1h"
TestTerraformConnectorExample 2022-08-03T16:02:14Z logger.go:66:         }
TestTerraformConnectorExample 2022-08-03T16:02:14Z logger.go:66:
TestTerraformConnectorExample 2022-08-03T16:02:14Z logger.go:66:       + wait {
TestTerraformConnectorExample 2022-08-03T16:02:14Z logger.go:66:           + fields = {
TestTerraformConnectorExample 2022-08-03T16:02:14Z logger.go:66:               + "status.phase" = "RUNNING"
TestTerraformConnectorExample 2022-08-03T16:02:14Z logger.go:66:             }
TestTerraformConnectorExample 2022-08-03T16:02:14Z logger.go:66:         }
TestTerraformConnectorExample 2022-08-03T16:02:14Z logger.go:66:     }
TestTerraformConnectorExample 2022-08-03T16:02:14Z logger.go:66:
TestTerraformConnectorExample 2022-08-03T16:02:14Z logger.go:66:   # module.confluent_platform.kubernetes_manifest.components["zookeeper"] will be created
TestTerraformConnectorExample 2022-08-03T16:02:14Z logger.go:66:   + resource "kubernetes_manifest" "components" {
TestTerraformConnectorExample 2022-08-03T16:02:14Z logger.go:66:       + computed_fields = [
TestTerraformConnectorExample 2022-08-03T16:02:14Z logger.go:66:           + "metadata.finalizers",
TestTerraformConnectorExample 2022-08-03T16:02:14Z logger.go:66:         ]
TestTerraformConnectorExample 2022-08-03T16:02:14Z logger.go:66:       + manifest        = {
TestTerraformConnectorExample 2022-08-03T16:02:14Z logger.go:66:           + apiVersion = "platform.confluent.io/v1beta1"
TestTerraformConnectorExample 2022-08-03T16:02:14Z logger.go:66:           + kind       = "Zookeeper"
TestTerraformConnectorExample 2022-08-03T16:02:14Z logger.go:66:           + metadata   = {
TestTerraformConnectorExample 2022-08-03T16:02:14Z logger.go:66:               + name      = "zookeeper"
TestTerraformConnectorExample 2022-08-03T16:02:14Z logger.go:66:               + namespace = "confluent"
TestTerraformConnectorExample 2022-08-03T16:02:14Z logger.go:66:             }
TestTerraformConnectorExample 2022-08-03T16:02:14Z logger.go:66:           + spec       = {
TestTerraformConnectorExample 2022-08-03T16:02:14Z logger.go:66:               + dataVolumeCapacity = "10Gi"
TestTerraformConnectorExample 2022-08-03T16:02:14Z logger.go:66:               + image              = {
TestTerraformConnectorExample 2022-08-03T16:02:14Z logger.go:66:                   + application = "confluentinc/cp-zookeeper:7.2.0"
TestTerraformConnectorExample 2022-08-03T16:02:14Z logger.go:66:                   + init        = "confluentinc/confluent-init-container:2.4.0"
TestTerraformConnectorExample 2022-08-03T16:02:14Z logger.go:66:                 }
TestTerraformConnectorExample 2022-08-03T16:02:14Z logger.go:66:               + logVolumeCapacity  = "10Gi"
TestTerraformConnectorExample 2022-08-03T16:02:14Z logger.go:66:               + replicas           = 3
TestTerraformConnectorExample 2022-08-03T16:02:14Z logger.go:66:             }
TestTerraformConnectorExample 2022-08-03T16:02:14Z logger.go:66:         }
TestTerraformConnectorExample 2022-08-03T16:02:14Z logger.go:66:       + object          = {
TestTerraformConnectorExample 2022-08-03T16:02:14Z logger.go:66:           + apiVersion = "platform.confluent.io/v1beta1"
TestTerraformConnectorExample 2022-08-03T16:02:14Z logger.go:66:           + kind       = "Zookeeper"
TestTerraformConnectorExample 2022-08-03T16:02:14Z logger.go:66:           + metadata   = {
TestTerraformConnectorExample 2022-08-03T16:02:14Z logger.go:66:               + annotations                = (known after apply)
TestTerraformConnectorExample 2022-08-03T16:02:14Z logger.go:66:               + clusterName                = (known after apply)
TestTerraformConnectorExample 2022-08-03T16:02:14Z logger.go:66:               + creationTimestamp          = (known after apply)
TestTerraformConnectorExample 2022-08-03T16:02:14Z logger.go:66:               + deletionGracePeriodSeconds = (known after apply)
TestTerraformConnectorExample 2022-08-03T16:02:14Z logger.go:66:               + deletionTimestamp          = (known after apply)
TestTerraformConnectorExample 2022-08-03T16:02:14Z logger.go:66:               + finalizers                 = (known after apply)
TestTerraformConnectorExample 2022-08-03T16:02:14Z logger.go:66:               + generateName               = (known after apply)
TestTerraformConnectorExample 2022-08-03T16:02:14Z logger.go:66:               + generation                 = (known after apply)
TestTerraformConnectorExample 2022-08-03T16:02:14Z logger.go:66:               + labels                     = (known after apply)
TestTerraformConnectorExample 2022-08-03T16:02:14Z logger.go:66:               + managedFields              = (known after apply)
TestTerraformConnectorExample 2022-08-03T16:02:14Z logger.go:66:               + name                       = "zookeeper"
TestTerraformConnectorExample 2022-08-03T16:02:14Z logger.go:66:               + namespace                  = "confluent"
TestTerraformConnectorExample 2022-08-03T16:02:14Z logger.go:66:               + ownerReferences            = (known after apply)
TestTerraformConnectorExample 2022-08-03T16:02:14Z logger.go:66:               + resourceVersion            = (known after apply)
TestTerraformConnectorExample 2022-08-03T16:02:14Z logger.go:66:               + selfLink                   = (known after apply)
TestTerraformConnectorExample 2022-08-03T16:02:14Z logger.go:66:               + uid                        = (known after apply)
TestTerraformConnectorExample 2022-08-03T16:02:14Z logger.go:66:             }
TestTerraformConnectorExample 2022-08-03T16:02:14Z logger.go:66:           + spec       = {
TestTerraformConnectorExample 2022-08-03T16:02:14Z logger.go:66:               + authentication     = {
TestTerraformConnectorExample 2022-08-03T16:02:14Z logger.go:66:                   + jaasConfig            = {
TestTerraformConnectorExample 2022-08-03T16:02:14Z logger.go:66:                       + secretRef = (known after apply)
TestTerraformConnectorExample 2022-08-03T16:02:14Z logger.go:66:                     }
TestTerraformConnectorExample 2022-08-03T16:02:14Z logger.go:66:                   + jaasConfigPassThrough = {
TestTerraformConnectorExample 2022-08-03T16:02:14Z logger.go:66:                       + directoryPathInContainer = (known after apply)
TestTerraformConnectorExample 2022-08-03T16:02:14Z logger.go:66:                       + secretRef                = (known after apply)
TestTerraformConnectorExample 2022-08-03T16:02:14Z logger.go:66:                     }
TestTerraformConnectorExample 2022-08-03T16:02:14Z logger.go:66:                   + principalMappingRules = (known after apply)
TestTerraformConnectorExample 2022-08-03T16:02:14Z logger.go:66:                   + type                  = (known after apply)
TestTerraformConnectorExample 2022-08-03T16:02:14Z logger.go:66:                 }
TestTerraformConnectorExample 2022-08-03T16:02:14Z logger.go:66:               + configOverrides    = {
TestTerraformConnectorExample 2022-08-03T16:02:14Z logger.go:66:                   + jvm    = (known after apply)
TestTerraformConnectorExample 2022-08-03T16:02:14Z logger.go:66:                   + log4j  = (known after apply)
TestTerraformConnectorExample 2022-08-03T16:02:14Z logger.go:66:                   + peers  = (known after apply)
TestTerraformConnectorExample 2022-08-03T16:02:14Z logger.go:66:                   + server = (known after apply)
TestTerraformConnectorExample 2022-08-03T16:02:14Z logger.go:66:                 }
TestTerraformConnectorExample 2022-08-03T16:02:14Z logger.go:66:               + dataVolumeCapacity = "10Gi"
TestTerraformConnectorExample 2022-08-03T16:02:14Z logger.go:66:               + headlessService    = {
TestTerraformConnectorExample 2022-08-03T16:02:14Z logger.go:66:                   + annotations              = (known after apply)
TestTerraformConnectorExample 2022-08-03T16:02:14Z logger.go:66:                   + labels                   = (known after apply)
TestTerraformConnectorExample 2022-08-03T16:02:14Z logger.go:66:                   + publishNotReadyAddresses = (known after apply)
TestTerraformConnectorExample 2022-08-03T16:02:14Z logger.go:66:                 }
TestTerraformConnectorExample 2022-08-03T16:02:14Z logger.go:66:               + image              = {
TestTerraformConnectorExample 2022-08-03T16:02:14Z logger.go:66:                   + application   = "confluentinc/cp-zookeeper:7.2.0"
TestTerraformConnectorExample 2022-08-03T16:02:14Z logger.go:66:                   + init          = "confluentinc/confluent-init-container:2.4.0"
TestTerraformConnectorExample 2022-08-03T16:02:14Z logger.go:66:                   + pullPolicy    = (known after apply)
TestTerraformConnectorExample 2022-08-03T16:02:14Z logger.go:66:                   + pullSecretRef = (known after apply)
TestTerraformConnectorExample 2022-08-03T16:02:14Z logger.go:66:                 }
TestTerraformConnectorExample 2022-08-03T16:02:14Z logger.go:66:               + injectAnnotations  = (known after apply)
TestTerraformConnectorExample 2022-08-03T16:02:14Z logger.go:66:               + injectLabels       = (known after apply)
TestTerraformConnectorExample 2022-08-03T16:02:14Z logger.go:66:               + k8sClusterDomain   = (known after apply)
TestTerraformConnectorExample 2022-08-03T16:02:14Z logger.go:66:               + license            = {
TestTerraformConnectorExample 2022-08-03T16:02:14Z logger.go:66:                   + directoryPathInContainer = (known after apply)
TestTerraformConnectorExample 2022-08-03T16:02:14Z logger.go:66:                   + globalLicense            = (known after apply)
TestTerraformConnectorExample 2022-08-03T16:02:14Z logger.go:66:                   + secretRef                = (known after apply)
TestTerraformConnectorExample 2022-08-03T16:02:14Z logger.go:66:                 }
TestTerraformConnectorExample 2022-08-03T16:02:14Z logger.go:66:               + logVolumeCapacity  = "10Gi"
TestTerraformConnectorExample 2022-08-03T16:02:14Z logger.go:66:               + metrics            = {
TestTerraformConnectorExample 2022-08-03T16:02:14Z logger.go:66:                   + authentication = {
TestTerraformConnectorExample 2022-08-03T16:02:14Z logger.go:66:                       + type = (known after apply)
TestTerraformConnectorExample 2022-08-03T16:02:14Z logger.go:66:                     }
TestTerraformConnectorExample 2022-08-03T16:02:14Z logger.go:66:                   + prometheus     = {
TestTerraformConnectorExample 2022-08-03T16:02:14Z logger.go:66:                       + blacklist = (known after apply)
TestTerraformConnectorExample 2022-08-03T16:02:14Z logger.go:66:                       + rules     = (known after apply)
TestTerraformConnectorExample 2022-08-03T16:02:14Z logger.go:66:                       + whitelist = (known after apply)
TestTerraformConnectorExample 2022-08-03T16:02:14Z logger.go:66:                     }
TestTerraformConnectorExample 2022-08-03T16:02:14Z logger.go:66:                   + tls            = {
TestTerraformConnectorExample 2022-08-03T16:02:14Z logger.go:66:                       + directoryPathInContainer = (known after apply)
TestTerraformConnectorExample 2022-08-03T16:02:14Z logger.go:66:                       + enabled                  = (known after apply)
TestTerraformConnectorExample 2022-08-03T16:02:14Z logger.go:66:                       + ignoreTrustStoreConfig   = (known after apply)
TestTerraformConnectorExample 2022-08-03T16:02:14Z logger.go:66:                       + jksPassword              = {
TestTerraformConnectorExample 2022-08-03T16:02:14Z logger.go:66:                           + secretRef = (known after apply)
TestTerraformConnectorExample 2022-08-03T16:02:14Z logger.go:66:                         }
TestTerraformConnectorExample 2022-08-03T16:02:14Z logger.go:66:                       + secretRef                = (known after apply)
TestTerraformConnectorExample 2022-08-03T16:02:14Z logger.go:66:                     }
TestTerraformConnectorExample 2022-08-03T16:02:14Z logger.go:66:                 }
TestTerraformConnectorExample 2022-08-03T16:02:14Z logger.go:66:               + mountedSecrets     = (known after apply)
TestTerraformConnectorExample 2022-08-03T16:02:14Z logger.go:66:               + mountedVolumes     = {
TestTerraformConnectorExample 2022-08-03T16:02:14Z logger.go:66:                   + volumeMounts = (known after apply)
TestTerraformConnectorExample 2022-08-03T16:02:14Z logger.go:66:                   + volumes      = (known after apply)
TestTerraformConnectorExample 2022-08-03T16:02:14Z logger.go:66:                 }
TestTerraformConnectorExample 2022-08-03T16:02:14Z logger.go:66:               + oneReplicaPerNode  = (known after apply)
TestTerraformConnectorExample 2022-08-03T16:02:14Z logger.go:66:               + podTemplate        = {
TestTerraformConnectorExample 2022-08-03T16:02:14Z logger.go:66:                   + affinity                      = {
TestTerraformConnectorExample 2022-08-03T16:02:14Z logger.go:66:                       + nodeAffinity    = {
TestTerraformConnectorExample 2022-08-03T16:02:14Z logger.go:66:                           + preferredDuringSchedulingIgnoredDuringExecution = (known after apply)
TestTerraformConnectorExample 2022-08-03T16:02:14Z logger.go:66:                           + requiredDuringSchedulingIgnoredDuringExecution  = {
TestTerraformConnectorExample 2022-08-03T16:02:14Z logger.go:66:                               + nodeSelectorTerms = (known after apply)
TestTerraformConnectorExample 2022-08-03T16:02:14Z logger.go:66:                             }
TestTerraformConnectorExample 2022-08-03T16:02:14Z logger.go:66:                         }
TestTerraformConnectorExample 2022-08-03T16:02:14Z logger.go:66:                       + podAffinity     = {
TestTerraformConnectorExample 2022-08-03T16:02:14Z logger.go:66:                           + preferredDuringSchedulingIgnoredDuringExecution = (known after apply)
TestTerraformConnectorExample 2022-08-03T16:02:14Z logger.go:66:                           + requiredDuringSchedulingIgnoredDuringExecution  = (known after apply)
TestTerraformConnectorExample 2022-08-03T16:02:14Z logger.go:66:                         }
TestTerraformConnectorExample 2022-08-03T16:02:14Z logger.go:66:                       + podAntiAffinity = {
TestTerraformConnectorExample 2022-08-03T16:02:14Z logger.go:66:                           + preferredDuringSchedulingIgnoredDuringExecution = (known after apply)
TestTerraformConnectorExample 2022-08-03T16:02:14Z logger.go:66:                           + requiredDuringSchedulingIgnoredDuringExecution  = (known after apply)
TestTerraformConnectorExample 2022-08-03T16:02:14Z logger.go:66:                         }
TestTerraformConnectorExample 2022-08-03T16:02:14Z logger.go:66:                     }
TestTerraformConnectorExample 2022-08-03T16:02:14Z logger.go:66:                   + annotations                   = (known after apply)
TestTerraformConnectorExample 2022-08-03T16:02:14Z logger.go:66:                   + envVars                       = (known after apply)
TestTerraformConnectorExample 2022-08-03T16:02:14Z logger.go:66:                   + labels                        = (known after apply)
TestTerraformConnectorExample 2022-08-03T16:02:14Z logger.go:66:                   + podSecurityContext            = {
TestTerraformConnectorExample 2022-08-03T16:02:14Z logger.go:66:                       + fsGroup             = (known after apply)
TestTerraformConnectorExample 2022-08-03T16:02:14Z logger.go:66:                       + fsGroupChangePolicy = (known after apply)
TestTerraformConnectorExample 2022-08-03T16:02:14Z logger.go:66:                       + runAsGroup          = (known after apply)
TestTerraformConnectorExample 2022-08-03T16:02:14Z logger.go:66:                       + runAsNonRoot        = (known after apply)
TestTerraformConnectorExample 2022-08-03T16:02:14Z logger.go:66:                       + runAsUser           = (known after apply)
TestTerraformConnectorExample 2022-08-03T16:02:14Z logger.go:66:                       + seLinuxOptions      = {
TestTerraformConnectorExample 2022-08-03T16:02:14Z logger.go:66:                           + level = (known after apply)
TestTerraformConnectorExample 2022-08-03T16:02:14Z logger.go:66:                           + role  = (known after apply)
TestTerraformConnectorExample 2022-08-03T16:02:14Z logger.go:66:                           + type  = (known after apply)
TestTerraformConnectorExample 2022-08-03T16:02:14Z logger.go:66:                           + user  = (known after apply)
TestTerraformConnectorExample 2022-08-03T16:02:14Z logger.go:66:                         }
TestTerraformConnectorExample 2022-08-03T16:02:14Z logger.go:66:                       + seccompProfile      = {
TestTerraformConnectorExample 2022-08-03T16:02:14Z logger.go:66:                           + localhostProfile = (known after apply)
TestTerraformConnectorExample 2022-08-03T16:02:14Z logger.go:66:                           + type             = (known after apply)
TestTerraformConnectorExample 2022-08-03T16:02:14Z logger.go:66:                         }
TestTerraformConnectorExample 2022-08-03T16:02:14Z logger.go:66:                       + supplementalGroups  = (known after apply)
TestTerraformConnectorExample 2022-08-03T16:02:14Z logger.go:66:                       + sysctls             = (known after apply)
TestTerraformConnectorExample 2022-08-03T16:02:14Z logger.go:66:                       + windowsOptions      = {
TestTerraformConnectorExample 2022-08-03T16:02:14Z logger.go:66:                           + gmsaCredentialSpec     = (known after apply)
TestTerraformConnectorExample 2022-08-03T16:02:14Z logger.go:66:                           + gmsaCredentialSpecName = (known after apply)
TestTerraformConnectorExample 2022-08-03T16:02:14Z logger.go:66:                           + hostProcess            = (known after apply)
TestTerraformConnectorExample 2022-08-03T16:02:14Z logger.go:66:                           + runAsUserName          = (known after apply)
TestTerraformConnectorExample 2022-08-03T16:02:14Z logger.go:66:                         }
TestTerraformConnectorExample 2022-08-03T16:02:14Z logger.go:66:                     }
TestTerraformConnectorExample 2022-08-03T16:02:14Z logger.go:66:                   + priorityClassName             = (known after apply)
TestTerraformConnectorExample 2022-08-03T16:02:14Z logger.go:66:                   + probe                         = {
TestTerraformConnectorExample 2022-08-03T16:02:14Z logger.go:66:                       + liveness  = {
TestTerraformConnectorExample 2022-08-03T16:02:14Z logger.go:66:                           + failureThreshold    = (known after apply)
TestTerraformConnectorExample 2022-08-03T16:02:14Z logger.go:66:                           + initialDelaySeconds = (known after apply)
TestTerraformConnectorExample 2022-08-03T16:02:14Z logger.go:66:                           + periodSeconds       = (known after apply)
TestTerraformConnectorExample 2022-08-03T16:02:14Z logger.go:66:                           + successThreshold    = (known after apply)
TestTerraformConnectorExample 2022-08-03T16:02:14Z logger.go:66:                           + timeoutSeconds      = (known after apply)
TestTerraformConnectorExample 2022-08-03T16:02:14Z logger.go:66:                         }
TestTerraformConnectorExample 2022-08-03T16:02:14Z logger.go:66:                       + readiness = {
TestTerraformConnectorExample 2022-08-03T16:02:14Z logger.go:66:                           + failureThreshold    = (known after apply)
TestTerraformConnectorExample 2022-08-03T16:02:14Z logger.go:66:                           + initialDelaySeconds = (known after apply)
TestTerraformConnectorExample 2022-08-03T16:02:14Z logger.go:66:                           + periodSeconds       = (known after apply)
TestTerraformConnectorExample 2022-08-03T16:02:14Z logger.go:66:                           + successThreshold    = (known after apply)
TestTerraformConnectorExample 2022-08-03T16:02:14Z logger.go:66:                           + timeoutSeconds      = (known after apply)
TestTerraformConnectorExample 2022-08-03T16:02:14Z logger.go:66:                         }
TestTerraformConnectorExample 2022-08-03T16:02:14Z logger.go:66:                     }
TestTerraformConnectorExample 2022-08-03T16:02:14Z logger.go:66:                   + resources                     = {
TestTerraformConnectorExample 2022-08-03T16:02:14Z logger.go:66:                       + limits   = (known after apply)
TestTerraformConnectorExample 2022-08-03T16:02:14Z logger.go:66:                       + requests = (known after apply)
TestTerraformConnectorExample 2022-08-03T16:02:14Z logger.go:66:                     }
TestTerraformConnectorExample 2022-08-03T16:02:14Z logger.go:66:                   + securityContext               = {
TestTerraformConnectorExample 2022-08-03T16:02:14Z logger.go:66:                       + allowPrivilegeEscalation = (known after apply)
TestTerraformConnectorExample 2022-08-03T16:02:14Z logger.go:66:                       + capabilities             = {
TestTerraformConnectorExample 2022-08-03T16:02:14Z logger.go:66:                           + add  = (known after apply)
TestTerraformConnectorExample 2022-08-03T16:02:14Z logger.go:66:                           + drop = (known after apply)
TestTerraformConnectorExample 2022-08-03T16:02:14Z logger.go:66:                         }
TestTerraformConnectorExample 2022-08-03T16:02:14Z logger.go:66:                       + privileged               = (known after apply)
TestTerraformConnectorExample 2022-08-03T16:02:14Z logger.go:66:                       + procMount                = (known after apply)
TestTerraformConnectorExample 2022-08-03T16:02:14Z logger.go:66:                       + readOnlyRootFilesystem   = (known after apply)
TestTerraformConnectorExample 2022-08-03T16:02:14Z logger.go:66:                       + runAsGroup               = (known after apply)
TestTerraformConnectorExample 2022-08-03T16:02:14Z logger.go:66:                       + runAsNonRoot             = (known after apply)
TestTerraformConnectorExample 2022-08-03T16:02:14Z logger.go:66:                       + runAsUser                = (known after apply)
TestTerraformConnectorExample 2022-08-03T16:02:14Z logger.go:66:                       + seLinuxOptions           = {
TestTerraformConnectorExample 2022-08-03T16:02:14Z logger.go:66:                           + level = (known after apply)
TestTerraformConnectorExample 2022-08-03T16:02:14Z logger.go:66:                           + role  = (known after apply)
TestTerraformConnectorExample 2022-08-03T16:02:14Z logger.go:66:                           + type  = (known after apply)
TestTerraformConnectorExample 2022-08-03T16:02:14Z logger.go:66:                           + user  = (known after apply)
TestTerraformConnectorExample 2022-08-03T16:02:14Z logger.go:66:                         }
TestTerraformConnectorExample 2022-08-03T16:02:14Z logger.go:66:                       + seccompProfile           = {
TestTerraformConnectorExample 2022-08-03T16:02:14Z logger.go:66:                           + localhostProfile = (known after apply)
TestTerraformConnectorExample 2022-08-03T16:02:14Z logger.go:66:                           + type             = (known after apply)
TestTerraformConnectorExample 2022-08-03T16:02:14Z logger.go:66:                         }
TestTerraformConnectorExample 2022-08-03T16:02:14Z logger.go:66:                       + windowsOptions           = {
TestTerraformConnectorExample 2022-08-03T16:02:14Z logger.go:66:                           + gmsaCredentialSpec     = (known after apply)
TestTerraformConnectorExample 2022-08-03T16:02:14Z logger.go:66:                           + gmsaCredentialSpecName = (known after apply)
TestTerraformConnectorExample 2022-08-03T16:02:14Z logger.go:66:                           + hostProcess            = (known after apply)
TestTerraformConnectorExample 2022-08-03T16:02:14Z logger.go:66:                           + runAsUserName          = (known after apply)
TestTerraformConnectorExample 2022-08-03T16:02:14Z logger.go:66:                         }
TestTerraformConnectorExample 2022-08-03T16:02:14Z logger.go:66:                     }
TestTerraformConnectorExample 2022-08-03T16:02:14Z logger.go:66:                   + serviceAccountName            = (known after apply)
TestTerraformConnectorExample 2022-08-03T16:02:14Z logger.go:66:                   + terminationGracePeriodSeconds = (known after apply)
TestTerraformConnectorExample 2022-08-03T16:02:14Z logger.go:66:                   + tolerations                   = (known after apply)
TestTerraformConnectorExample 2022-08-03T16:02:14Z logger.go:66:                   + topologySpreadConstraints     = (known after apply)
TestTerraformConnectorExample 2022-08-03T16:02:14Z logger.go:66:                 }
TestTerraformConnectorExample 2022-08-03T16:02:14Z logger.go:66:               + replicas           = 3
TestTerraformConnectorExample 2022-08-03T16:02:14Z logger.go:66:               + storageClass       = {
TestTerraformConnectorExample 2022-08-03T16:02:14Z logger.go:66:                   + name = (known after apply)
TestTerraformConnectorExample 2022-08-03T16:02:14Z logger.go:66:                 }
TestTerraformConnectorExample 2022-08-03T16:02:14Z logger.go:66:               + tls                = {
TestTerraformConnectorExample 2022-08-03T16:02:14Z logger.go:66:                   + autoGeneratedCerts       = (known after apply)
TestTerraformConnectorExample 2022-08-03T16:02:14Z logger.go:66:                   + directoryPathInContainer = (known after apply)
TestTerraformConnectorExample 2022-08-03T16:02:14Z logger.go:66:                   + ignoreTrustStoreConfig   = (known after apply)
TestTerraformConnectorExample 2022-08-03T16:02:14Z logger.go:66:                   + jksPassword              = {
TestTerraformConnectorExample 2022-08-03T16:02:14Z logger.go:66:                       + secretRef = (known after apply)
TestTerraformConnectorExample 2022-08-03T16:02:14Z logger.go:66:                     }
TestTerraformConnectorExample 2022-08-03T16:02:14Z logger.go:66:                   + secretRef                = (known after apply)
TestTerraformConnectorExample 2022-08-03T16:02:14Z logger.go:66:                 }
TestTerraformConnectorExample 2022-08-03T16:02:14Z logger.go:66:             }
TestTerraformConnectorExample 2022-08-03T16:02:14Z logger.go:66:         }
TestTerraformConnectorExample 2022-08-03T16:02:14Z logger.go:66:
TestTerraformConnectorExample 2022-08-03T16:02:14Z logger.go:66:       + timeouts {
TestTerraformConnectorExample 2022-08-03T16:02:14Z logger.go:66:           + create = "1h"
TestTerraformConnectorExample 2022-08-03T16:02:14Z logger.go:66:           + delete = "10m"
TestTerraformConnectorExample 2022-08-03T16:02:14Z logger.go:66:           + update = "1h"
TestTerraformConnectorExample 2022-08-03T16:02:14Z logger.go:66:         }
TestTerraformConnectorExample 2022-08-03T16:02:14Z logger.go:66:
TestTerraformConnectorExample 2022-08-03T16:02:14Z logger.go:66:       + wait {
TestTerraformConnectorExample 2022-08-03T16:02:14Z logger.go:66:           + fields = {
TestTerraformConnectorExample 2022-08-03T16:02:14Z logger.go:66:               + "status.phase" = "RUNNING"
TestTerraformConnectorExample 2022-08-03T16:02:14Z logger.go:66:             }
TestTerraformConnectorExample 2022-08-03T16:02:14Z logger.go:66:         }
TestTerraformConnectorExample 2022-08-03T16:02:14Z logger.go:66:     }
TestTerraformConnectorExample 2022-08-03T16:02:14Z logger.go:66:
TestTerraformConnectorExample 2022-08-03T16:02:14Z logger.go:66:   # module.connector.data.kubernetes_resource.connector will be read during apply
TestTerraformConnectorExample 2022-08-03T16:02:14Z logger.go:66:   # (depends on a resource or a module with changes pending)
TestTerraformConnectorExample 2022-08-03T16:02:14Z logger.go:66:  <= data "kubernetes_resource" "connector" {
TestTerraformConnectorExample 2022-08-03T16:02:14Z logger.go:66:       + api_version = "platform.confluent.io/v1beta1"
TestTerraformConnectorExample 2022-08-03T16:02:14Z logger.go:66:       + kind        = "Connector"
TestTerraformConnectorExample 2022-08-03T16:02:14Z logger.go:66:       + object      = (known after apply)
TestTerraformConnectorExample 2022-08-03T16:02:14Z logger.go:66:
TestTerraformConnectorExample 2022-08-03T16:02:14Z logger.go:66:       + metadata {
TestTerraformConnectorExample 2022-08-03T16:02:14Z logger.go:66:           + name      = "my-connector"
TestTerraformConnectorExample 2022-08-03T16:02:14Z logger.go:66:           + namespace = "confluent"
TestTerraformConnectorExample 2022-08-03T16:02:14Z logger.go:66:         }
TestTerraformConnectorExample 2022-08-03T16:02:14Z logger.go:66:     }
TestTerraformConnectorExample 2022-08-03T16:02:14Z logger.go:66:
TestTerraformConnectorExample 2022-08-03T16:02:14Z logger.go:66:   # module.connector.kubernetes_manifest.connector will be created
TestTerraformConnectorExample 2022-08-03T16:02:14Z logger.go:66:   + resource "kubernetes_manifest" "connector" {
TestTerraformConnectorExample 2022-08-03T16:02:14Z logger.go:66:       + computed_fields = [
TestTerraformConnectorExample 2022-08-03T16:02:14Z logger.go:66:           + "metadata.finalizers",
TestTerraformConnectorExample 2022-08-03T16:02:14Z logger.go:66:         ]
TestTerraformConnectorExample 2022-08-03T16:02:14Z logger.go:66:       + manifest        = {
TestTerraformConnectorExample 2022-08-03T16:02:14Z logger.go:66:           + apiVersion = "platform.confluent.io/v1beta1"
TestTerraformConnectorExample 2022-08-03T16:02:14Z logger.go:66:           + kind       = "Connector"
TestTerraformConnectorExample 2022-08-03T16:02:14Z logger.go:66:           + metadata   = {
TestTerraformConnectorExample 2022-08-03T16:02:14Z logger.go:66:               + name      = "my-connector"
TestTerraformConnectorExample 2022-08-03T16:02:14Z logger.go:66:               + namespace = "confluent"
TestTerraformConnectorExample 2022-08-03T16:02:14Z logger.go:66:             }
TestTerraformConnectorExample 2022-08-03T16:02:14Z logger.go:66:           + spec       = {
TestTerraformConnectorExample 2022-08-03T16:02:14Z logger.go:66:               + class             = "org.apache.kafka.connect.mirror.MirrorSourceConnector"
TestTerraformConnectorExample 2022-08-03T16:02:14Z logger.go:66:               + configs           = {
TestTerraformConnectorExample 2022-08-03T16:02:14Z logger.go:66:                   + "source.cluster.alias"             = "self"
TestTerraformConnectorExample 2022-08-03T16:02:14Z logger.go:66:                   + "source.cluster.bootstrap.servers" = "kafka:9092"
TestTerraformConnectorExample 2022-08-03T16:02:14Z logger.go:66:                   + "target.cluster.bootstrap.servers" = "kafka:9092"
TestTerraformConnectorExample 2022-08-03T16:02:14Z logger.go:66:                   + topics                             = "my-topic"
TestTerraformConnectorExample 2022-08-03T16:02:14Z logger.go:66:                 }
TestTerraformConnectorExample 2022-08-03T16:02:14Z logger.go:66:               + connectClusterRef = {
TestTerraformConnectorExample 2022-08-03T16:02:14Z logger.go:66:                   + name = "connect"
TestTerraformConnectorExample 2022-08-03T16:02:14Z logger.go:66:                 }
TestTerraformConnectorExample 2022-08-03T16:02:14Z logger.go:66:               + taskMax           = 1
TestTerraformConnectorExample 2022-08-03T16:02:14Z logger.go:66:             }
TestTerraformConnectorExample 2022-08-03T16:02:14Z logger.go:66:         }
TestTerraformConnectorExample 2022-08-03T16:02:14Z logger.go:66:       + object          = {
TestTerraformConnectorExample 2022-08-03T16:02:14Z logger.go:66:           + apiVersion = "platform.confluent.io/v1beta1"
TestTerraformConnectorExample 2022-08-03T16:02:14Z logger.go:66:           + kind       = "Connector"
TestTerraformConnectorExample 2022-08-03T16:02:14Z logger.go:66:           + metadata   = {
TestTerraformConnectorExample 2022-08-03T16:02:14Z logger.go:66:               + annotations                = (known after apply)
TestTerraformConnectorExample 2022-08-03T16:02:14Z logger.go:66:               + clusterName                = (known after apply)
TestTerraformConnectorExample 2022-08-03T16:02:14Z logger.go:66:               + creationTimestamp          = (known after apply)
TestTerraformConnectorExample 2022-08-03T16:02:14Z logger.go:66:               + deletionGracePeriodSeconds = (known after apply)
TestTerraformConnectorExample 2022-08-03T16:02:14Z logger.go:66:               + deletionTimestamp          = (known after apply)
TestTerraformConnectorExample 2022-08-03T16:02:14Z logger.go:66:               + finalizers                 = (known after apply)
TestTerraformConnectorExample 2022-08-03T16:02:14Z logger.go:66:               + generateName               = (known after apply)
TestTerraformConnectorExample 2022-08-03T16:02:14Z logger.go:66:               + generation                 = (known after apply)
TestTerraformConnectorExample 2022-08-03T16:02:14Z logger.go:66:               + labels                     = (known after apply)
TestTerraformConnectorExample 2022-08-03T16:02:14Z logger.go:66:               + managedFields              = (known after apply)
TestTerraformConnectorExample 2022-08-03T16:02:14Z logger.go:66:               + name                       = "my-connector"
TestTerraformConnectorExample 2022-08-03T16:02:14Z logger.go:66:               + namespace                  = "confluent"
TestTerraformConnectorExample 2022-08-03T16:02:14Z logger.go:66:               + ownerReferences            = (known after apply)
TestTerraformConnectorExample 2022-08-03T16:02:14Z logger.go:66:               + resourceVersion            = (known after apply)
TestTerraformConnectorExample 2022-08-03T16:02:14Z logger.go:66:               + selfLink                   = (known after apply)
TestTerraformConnectorExample 2022-08-03T16:02:14Z logger.go:66:               + uid                        = (known after apply)
TestTerraformConnectorExample 2022-08-03T16:02:14Z logger.go:66:             }
TestTerraformConnectorExample 2022-08-03T16:02:14Z logger.go:66:           + spec       = {
TestTerraformConnectorExample 2022-08-03T16:02:14Z logger.go:66:               + class             = "org.apache.kafka.connect.mirror.MirrorSourceConnector"
TestTerraformConnectorExample 2022-08-03T16:02:14Z logger.go:66:               + configs           = {
TestTerraformConnectorExample 2022-08-03T16:02:14Z logger.go:66:                   + "source.cluster.alias"             = "self"
TestTerraformConnectorExample 2022-08-03T16:02:14Z logger.go:66:                   + "source.cluster.bootstrap.servers" = "kafka:9092"
TestTerraformConnectorExample 2022-08-03T16:02:14Z logger.go:66:                   + "target.cluster.bootstrap.servers" = "kafka:9092"
TestTerraformConnectorExample 2022-08-03T16:02:14Z logger.go:66:                   + "topics"                           = "my-topic"
TestTerraformConnectorExample 2022-08-03T16:02:14Z logger.go:66:                 }
TestTerraformConnectorExample 2022-08-03T16:02:14Z logger.go:66:               + connectClusterRef = {
TestTerraformConnectorExample 2022-08-03T16:02:14Z logger.go:66:                   + name      = "connect"
TestTerraformConnectorExample 2022-08-03T16:02:14Z logger.go:66:                   + namespace = (known after apply)
TestTerraformConnectorExample 2022-08-03T16:02:14Z logger.go:66:                 }
TestTerraformConnectorExample 2022-08-03T16:02:14Z logger.go:66:               + connectRest       = {
TestTerraformConnectorExample 2022-08-03T16:02:14Z logger.go:66:                   + authentication = {
TestTerraformConnectorExample 2022-08-03T16:02:14Z logger.go:66:                       + basic  = {
TestTerraformConnectorExample 2022-08-03T16:02:14Z logger.go:66:                           + debug                    = (known after apply)
TestTerraformConnectorExample 2022-08-03T16:02:14Z logger.go:66:                           + directoryPathInContainer = (known after apply)
TestTerraformConnectorExample 2022-08-03T16:02:14Z logger.go:66:                           + restrictedRoles          = (known after apply)
TestTerraformConnectorExample 2022-08-03T16:02:14Z logger.go:66:                           + roles                    = (known after apply)
TestTerraformConnectorExample 2022-08-03T16:02:14Z logger.go:66:                           + secretRef                = (known after apply)
TestTerraformConnectorExample 2022-08-03T16:02:14Z logger.go:66:                         }
TestTerraformConnectorExample 2022-08-03T16:02:14Z logger.go:66:                       + bearer = {
TestTerraformConnectorExample 2022-08-03T16:02:14Z logger.go:66:                           + directoryPathInContainer = (known after apply)
TestTerraformConnectorExample 2022-08-03T16:02:14Z logger.go:66:                           + secretRef                = (known after apply)
TestTerraformConnectorExample 2022-08-03T16:02:14Z logger.go:66:                         }
TestTerraformConnectorExample 2022-08-03T16:02:14Z logger.go:66:                       + type   = (known after apply)
TestTerraformConnectorExample 2022-08-03T16:02:14Z logger.go:66:                     }
TestTerraformConnectorExample 2022-08-03T16:02:14Z logger.go:66:                   + endpoint       = (known after apply)
TestTerraformConnectorExample 2022-08-03T16:02:14Z logger.go:66:                   + kafkaClusterID = (known after apply)
TestTerraformConnectorExample 2022-08-03T16:02:14Z logger.go:66:                   + tls            = {
TestTerraformConnectorExample 2022-08-03T16:02:14Z logger.go:66:                       + directoryPathInContainer = (known after apply)
TestTerraformConnectorExample 2022-08-03T16:02:14Z logger.go:66:                       + jksPassword              = {
TestTerraformConnectorExample 2022-08-03T16:02:14Z logger.go:66:                           + secretRef = (known after apply)
TestTerraformConnectorExample 2022-08-03T16:02:14Z logger.go:66:                         }
TestTerraformConnectorExample 2022-08-03T16:02:14Z logger.go:66:                       + secretRef                = (known after apply)
TestTerraformConnectorExample 2022-08-03T16:02:14Z logger.go:66:                     }
TestTerraformConnectorExample 2022-08-03T16:02:14Z logger.go:66:                 }
TestTerraformConnectorExample 2022-08-03T16:02:14Z logger.go:66:               + name              = (known after apply)
TestTerraformConnectorExample 2022-08-03T16:02:14Z logger.go:66:               + restartPolicy     = {
TestTerraformConnectorExample 2022-08-03T16:02:14Z logger.go:66:                   + maxRetry = (known after apply)
TestTerraformConnectorExample 2022-08-03T16:02:14Z logger.go:66:                   + type     = (known after apply)
TestTerraformConnectorExample 2022-08-03T16:02:14Z logger.go:66:                 }
TestTerraformConnectorExample 2022-08-03T16:02:14Z logger.go:66:               + taskMax           = 1
TestTerraformConnectorExample 2022-08-03T16:02:14Z logger.go:66:             }
TestTerraformConnectorExample 2022-08-03T16:02:14Z logger.go:66:         }
TestTerraformConnectorExample 2022-08-03T16:02:14Z logger.go:66:
TestTerraformConnectorExample 2022-08-03T16:02:14Z logger.go:66:       + timeouts {
TestTerraformConnectorExample 2022-08-03T16:02:14Z logger.go:66:           + create = "5m"
TestTerraformConnectorExample 2022-08-03T16:02:14Z logger.go:66:           + delete = "5m"
TestTerraformConnectorExample 2022-08-03T16:02:14Z logger.go:66:           + update = "5m"
TestTerraformConnectorExample 2022-08-03T16:02:14Z logger.go:66:         }
TestTerraformConnectorExample 2022-08-03T16:02:14Z logger.go:66:
TestTerraformConnectorExample 2022-08-03T16:02:14Z logger.go:66:       + wait {
TestTerraformConnectorExample 2022-08-03T16:02:14Z logger.go:66:           + fields = {
TestTerraformConnectorExample 2022-08-03T16:02:14Z logger.go:66:               + "status.state" = "CREATED"
TestTerraformConnectorExample 2022-08-03T16:02:14Z logger.go:66:             }
TestTerraformConnectorExample 2022-08-03T16:02:14Z logger.go:66:         }
TestTerraformConnectorExample 2022-08-03T16:02:14Z logger.go:66:     }
TestTerraformConnectorExample 2022-08-03T16:02:14Z logger.go:66:
TestTerraformConnectorExample 2022-08-03T16:02:14Z logger.go:66:   # module.confluent_platform.module.confluent_operator[0].helm_release.confluent_operator[0] will be created
TestTerraformConnectorExample 2022-08-03T16:02:14Z logger.go:66:   + resource "helm_release" "confluent_operator" {
TestTerraformConnectorExample 2022-08-03T16:02:14Z logger.go:66:       + atomic                     = false
TestTerraformConnectorExample 2022-08-03T16:02:14Z logger.go:66:       + chart                      = "confluent-for-kubernetes"
TestTerraformConnectorExample 2022-08-03T16:02:14Z logger.go:66:       + cleanup_on_fail            = false
TestTerraformConnectorExample 2022-08-03T16:02:14Z logger.go:66:       + create_namespace           = false
TestTerraformConnectorExample 2022-08-03T16:02:14Z logger.go:66:       + dependency_update          = false
TestTerraformConnectorExample 2022-08-03T16:02:14Z logger.go:66:       + disable_crd_hooks          = false
TestTerraformConnectorExample 2022-08-03T16:02:14Z logger.go:66:       + disable_openapi_validation = false
TestTerraformConnectorExample 2022-08-03T16:02:14Z logger.go:66:       + disable_webhooks           = false
TestTerraformConnectorExample 2022-08-03T16:02:14Z logger.go:66:       + force_update               = false
TestTerraformConnectorExample 2022-08-03T16:02:14Z logger.go:66:       + id                         = (known after apply)
TestTerraformConnectorExample 2022-08-03T16:02:14Z logger.go:66:       + lint                       = false
TestTerraformConnectorExample 2022-08-03T16:02:14Z logger.go:66:       + manifest                   = (known after apply)
TestTerraformConnectorExample 2022-08-03T16:02:14Z logger.go:66:       + max_history                = 0
TestTerraformConnectorExample 2022-08-03T16:02:14Z logger.go:66:       + metadata                   = (known after apply)
TestTerraformConnectorExample 2022-08-03T16:02:14Z logger.go:66:       + name                       = "confluent-operator"
TestTerraformConnectorExample 2022-08-03T16:02:14Z logger.go:66:       + namespace                  = "confluent"
TestTerraformConnectorExample 2022-08-03T16:02:14Z logger.go:66:       + pass_credentials           = false
TestTerraformConnectorExample 2022-08-03T16:02:14Z logger.go:66:       + recreate_pods              = false
TestTerraformConnectorExample 2022-08-03T16:02:14Z logger.go:66:       + render_subchart_notes      = true
TestTerraformConnectorExample 2022-08-03T16:02:14Z logger.go:66:       + replace                    = false
TestTerraformConnectorExample 2022-08-03T16:02:14Z logger.go:66:       + repository                 = "https://packages.confluent.io/helm"
TestTerraformConnectorExample 2022-08-03T16:02:14Z logger.go:66:       + reset_values               = false
TestTerraformConnectorExample 2022-08-03T16:02:14Z logger.go:66:       + reuse_values               = false
TestTerraformConnectorExample 2022-08-03T16:02:14Z logger.go:66:       + skip_crds                  = false
TestTerraformConnectorExample 2022-08-03T16:02:14Z logger.go:66:       + status                     = "deployed"
TestTerraformConnectorExample 2022-08-03T16:02:14Z logger.go:66:       + timeout                    = 300
TestTerraformConnectorExample 2022-08-03T16:02:14Z logger.go:66:       + values                     = []
TestTerraformConnectorExample 2022-08-03T16:02:14Z logger.go:66:       + verify                     = false
TestTerraformConnectorExample 2022-08-03T16:02:14Z logger.go:66:       + version                    = "0.517.23"
TestTerraformConnectorExample 2022-08-03T16:02:14Z logger.go:66:       + wait                       = true
TestTerraformConnectorExample 2022-08-03T16:02:14Z logger.go:66:       + wait_for_jobs              = true
TestTerraformConnectorExample 2022-08-03T16:02:14Z logger.go:66:     }
TestTerraformConnectorExample 2022-08-03T16:02:14Z logger.go:66:
TestTerraformConnectorExample 2022-08-03T16:02:14Z logger.go:66:   # module.confluent_platform.module.confluent_operator[0].kubernetes_namespace_v1.namespace[0] will be created
TestTerraformConnectorExample 2022-08-03T16:02:14Z logger.go:66:   + resource "kubernetes_namespace_v1" "namespace" {
TestTerraformConnectorExample 2022-08-03T16:02:14Z logger.go:66:       + id = (known after apply)
TestTerraformConnectorExample 2022-08-03T16:02:14Z logger.go:66:
TestTerraformConnectorExample 2022-08-03T16:02:14Z logger.go:66:       + metadata {
TestTerraformConnectorExample 2022-08-03T16:02:14Z logger.go:66:           + generation       = (known after apply)
TestTerraformConnectorExample 2022-08-03T16:02:14Z logger.go:66:           + name             = "confluent"
TestTerraformConnectorExample 2022-08-03T16:02:14Z logger.go:66:           + resource_version = (known after apply)
TestTerraformConnectorExample 2022-08-03T16:02:14Z logger.go:66:           + uid              = (known after apply)
TestTerraformConnectorExample 2022-08-03T16:02:14Z logger.go:66:         }
TestTerraformConnectorExample 2022-08-03T16:02:14Z logger.go:66:     }
TestTerraformConnectorExample 2022-08-03T16:02:14Z logger.go:66:
TestTerraformConnectorExample 2022-08-03T16:02:14Z logger.go:66:   # module.confluent_platform.module.kafka_topics["my-topic"].data.kubernetes_resource.topic will be read during apply
TestTerraformConnectorExample 2022-08-03T16:02:14Z logger.go:66:   # (depends on a resource or a module with changes pending)
TestTerraformConnectorExample 2022-08-03T16:02:14Z logger.go:66:  <= data "kubernetes_resource" "topic" {
TestTerraformConnectorExample 2022-08-03T16:02:14Z logger.go:66:       + api_version = "platform.confluent.io/v1beta1"
TestTerraformConnectorExample 2022-08-03T16:02:14Z logger.go:66:       + kind        = "KafkaTopic"
TestTerraformConnectorExample 2022-08-03T16:02:14Z logger.go:66:       + object      = (known after apply)
TestTerraformConnectorExample 2022-08-03T16:02:14Z logger.go:66:
TestTerraformConnectorExample 2022-08-03T16:02:14Z logger.go:66:       + metadata {
TestTerraformConnectorExample 2022-08-03T16:02:14Z logger.go:66:           + name      = "my-topic"
TestTerraformConnectorExample 2022-08-03T16:02:14Z logger.go:66:           + namespace = "confluent"
TestTerraformConnectorExample 2022-08-03T16:02:14Z logger.go:66:         }
TestTerraformConnectorExample 2022-08-03T16:02:14Z logger.go:66:     }
TestTerraformConnectorExample 2022-08-03T16:02:14Z logger.go:66:
TestTerraformConnectorExample 2022-08-03T16:02:14Z logger.go:66:   # module.confluent_platform.module.kafka_topics["my-topic"].kubernetes_manifest.topic will be created
TestTerraformConnectorExample 2022-08-03T16:02:14Z logger.go:66:   + resource "kubernetes_manifest" "topic" {
TestTerraformConnectorExample 2022-08-03T16:02:14Z logger.go:66:       + computed_fields = [
TestTerraformConnectorExample 2022-08-03T16:02:14Z logger.go:66:           + "metadata.finalizers",
TestTerraformConnectorExample 2022-08-03T16:02:14Z logger.go:66:         ]
TestTerraformConnectorExample 2022-08-03T16:02:14Z logger.go:66:       + manifest        = {
TestTerraformConnectorExample 2022-08-03T16:02:14Z logger.go:66:           + apiVersion = "platform.confluent.io/v1beta1"
TestTerraformConnectorExample 2022-08-03T16:02:14Z logger.go:66:           + kind       = "KafkaTopic"
TestTerraformConnectorExample 2022-08-03T16:02:14Z logger.go:66:           + metadata   = {
TestTerraformConnectorExample 2022-08-03T16:02:14Z logger.go:66:               + name      = "my-topic"
TestTerraformConnectorExample 2022-08-03T16:02:14Z logger.go:66:               + namespace = "confluent"
TestTerraformConnectorExample 2022-08-03T16:02:14Z logger.go:66:             }
TestTerraformConnectorExample 2022-08-03T16:02:14Z logger.go:66:           + spec       = {
TestTerraformConnectorExample 2022-08-03T16:02:14Z logger.go:66:               + configs        = {
TestTerraformConnectorExample 2022-08-03T16:02:14Z logger.go:66:                   + "cleanup.policy" = "delete"
TestTerraformConnectorExample 2022-08-03T16:02:14Z logger.go:66:                 }
TestTerraformConnectorExample 2022-08-03T16:02:14Z logger.go:66:               + partitionCount = 3
TestTerraformConnectorExample 2022-08-03T16:02:14Z logger.go:66:               + replicas       = 3
TestTerraformConnectorExample 2022-08-03T16:02:14Z logger.go:66:             }
TestTerraformConnectorExample 2022-08-03T16:02:14Z logger.go:66:         }
TestTerraformConnectorExample 2022-08-03T16:02:14Z logger.go:66:       + object          = {
TestTerraformConnectorExample 2022-08-03T16:02:14Z logger.go:66:           + apiVersion = "platform.confluent.io/v1beta1"
TestTerraformConnectorExample 2022-08-03T16:02:14Z logger.go:66:           + kind       = "KafkaTopic"
TestTerraformConnectorExample 2022-08-03T16:02:14Z logger.go:66:           + metadata   = {
TestTerraformConnectorExample 2022-08-03T16:02:14Z logger.go:66:               + annotations                = (known after apply)
TestTerraformConnectorExample 2022-08-03T16:02:14Z logger.go:66:               + clusterName                = (known after apply)
TestTerraformConnectorExample 2022-08-03T16:02:14Z logger.go:66:               + creationTimestamp          = (known after apply)
TestTerraformConnectorExample 2022-08-03T16:02:14Z logger.go:66:               + deletionGracePeriodSeconds = (known after apply)
TestTerraformConnectorExample 2022-08-03T16:02:14Z logger.go:66:               + deletionTimestamp          = (known after apply)
TestTerraformConnectorExample 2022-08-03T16:02:14Z logger.go:66:               + finalizers                 = (known after apply)
TestTerraformConnectorExample 2022-08-03T16:02:14Z logger.go:66:               + generateName               = (known after apply)
TestTerraformConnectorExample 2022-08-03T16:02:14Z logger.go:66:               + generation                 = (known after apply)
TestTerraformConnectorExample 2022-08-03T16:02:14Z logger.go:66:               + labels                     = (known after apply)
TestTerraformConnectorExample 2022-08-03T16:02:14Z logger.go:66:               + managedFields              = (known after apply)
TestTerraformConnectorExample 2022-08-03T16:02:14Z logger.go:66:               + name                       = "my-topic"
TestTerraformConnectorExample 2022-08-03T16:02:14Z logger.go:66:               + namespace                  = "confluent"
TestTerraformConnectorExample 2022-08-03T16:02:14Z logger.go:66:               + ownerReferences            = (known after apply)
TestTerraformConnectorExample 2022-08-03T16:02:14Z logger.go:66:               + resourceVersion            = (known after apply)
TestTerraformConnectorExample 2022-08-03T16:02:14Z logger.go:66:               + selfLink                   = (known after apply)
TestTerraformConnectorExample 2022-08-03T16:02:14Z logger.go:66:               + uid                        = (known after apply)
TestTerraformConnectorExample 2022-08-03T16:02:14Z logger.go:66:             }
TestTerraformConnectorExample 2022-08-03T16:02:14Z logger.go:66:           + spec       = {
TestTerraformConnectorExample 2022-08-03T16:02:14Z logger.go:66:               + configs           = {
TestTerraformConnectorExample 2022-08-03T16:02:14Z logger.go:66:                   + "cleanup.policy" = "delete"
TestTerraformConnectorExample 2022-08-03T16:02:14Z logger.go:66:                 }
TestTerraformConnectorExample 2022-08-03T16:02:14Z logger.go:66:               + kafkaClusterRef   = {
TestTerraformConnectorExample 2022-08-03T16:02:14Z logger.go:66:                   + name      = (known after apply)
TestTerraformConnectorExample 2022-08-03T16:02:14Z logger.go:66:                   + namespace = (known after apply)
TestTerraformConnectorExample 2022-08-03T16:02:14Z logger.go:66:                 }
TestTerraformConnectorExample 2022-08-03T16:02:14Z logger.go:66:               + kafkaRest         = {
TestTerraformConnectorExample 2022-08-03T16:02:14Z logger.go:66:                   + authentication = {
TestTerraformConnectorExample 2022-08-03T16:02:14Z logger.go:66:                       + basic  = {
TestTerraformConnectorExample 2022-08-03T16:02:14Z logger.go:66:                           + debug                    = (known after apply)
TestTerraformConnectorExample 2022-08-03T16:02:14Z logger.go:66:                           + directoryPathInContainer = (known after apply)
TestTerraformConnectorExample 2022-08-03T16:02:14Z logger.go:66:                           + restrictedRoles          = (known after apply)
TestTerraformConnectorExample 2022-08-03T16:02:14Z logger.go:66:                           + roles                    = (known after apply)
TestTerraformConnectorExample 2022-08-03T16:02:14Z logger.go:66:                           + secretRef                = (known after apply)
TestTerraformConnectorExample 2022-08-03T16:02:14Z logger.go:66:                         }
TestTerraformConnectorExample 2022-08-03T16:02:14Z logger.go:66:                       + bearer = {
TestTerraformConnectorExample 2022-08-03T16:02:14Z logger.go:66:                           + directoryPathInContainer = (known after apply)
TestTerraformConnectorExample 2022-08-03T16:02:14Z logger.go:66:                           + secretRef                = (known after apply)
TestTerraformConnectorExample 2022-08-03T16:02:14Z logger.go:66:                         }
TestTerraformConnectorExample 2022-08-03T16:02:14Z logger.go:66:                       + type   = (known after apply)
TestTerraformConnectorExample 2022-08-03T16:02:14Z logger.go:66:                     }
TestTerraformConnectorExample 2022-08-03T16:02:14Z logger.go:66:                   + endpoint       = (known after apply)
TestTerraformConnectorExample 2022-08-03T16:02:14Z logger.go:66:                   + kafkaClusterID = (known after apply)
TestTerraformConnectorExample 2022-08-03T16:02:14Z logger.go:66:                   + tls            = {
TestTerraformConnectorExample 2022-08-03T16:02:14Z logger.go:66:                       + directoryPathInContainer = (known after apply)
TestTerraformConnectorExample 2022-08-03T16:02:14Z logger.go:66:                       + jksPassword              = {
TestTerraformConnectorExample 2022-08-03T16:02:14Z logger.go:66:                           + secretRef = (known after apply)
TestTerraformConnectorExample 2022-08-03T16:02:14Z logger.go:66:                         }
TestTerraformConnectorExample 2022-08-03T16:02:14Z logger.go:66:                       + secretRef                = (known after apply)
TestTerraformConnectorExample 2022-08-03T16:02:14Z logger.go:66:                     }
TestTerraformConnectorExample 2022-08-03T16:02:14Z logger.go:66:                 }
TestTerraformConnectorExample 2022-08-03T16:02:14Z logger.go:66:               + kafkaRestClassRef = {
TestTerraformConnectorExample 2022-08-03T16:02:14Z logger.go:66:                   + name      = (known after apply)
TestTerraformConnectorExample 2022-08-03T16:02:14Z logger.go:66:                   + namespace = (known after apply)
TestTerraformConnectorExample 2022-08-03T16:02:14Z logger.go:66:                 }
TestTerraformConnectorExample 2022-08-03T16:02:14Z logger.go:66:               + name              = (known after apply)
TestTerraformConnectorExample 2022-08-03T16:02:14Z logger.go:66:               + partitionCount    = 3
TestTerraformConnectorExample 2022-08-03T16:02:14Z logger.go:66:               + replicas          = 3
TestTerraformConnectorExample 2022-08-03T16:02:14Z logger.go:66:             }
TestTerraformConnectorExample 2022-08-03T16:02:14Z logger.go:66:         }
TestTerraformConnectorExample 2022-08-03T16:02:14Z logger.go:66:
TestTerraformConnectorExample 2022-08-03T16:02:14Z logger.go:66:       + timeouts {
TestTerraformConnectorExample 2022-08-03T16:02:14Z logger.go:66:           + create = "5m"
TestTerraformConnectorExample 2022-08-03T16:02:14Z logger.go:66:           + delete = "5m"
TestTerraformConnectorExample 2022-08-03T16:02:14Z logger.go:66:           + update = "5m"
TestTerraformConnectorExample 2022-08-03T16:02:14Z logger.go:66:         }
TestTerraformConnectorExample 2022-08-03T16:02:14Z logger.go:66:
TestTerraformConnectorExample 2022-08-03T16:02:14Z logger.go:66:       + wait {
TestTerraformConnectorExample 2022-08-03T16:02:14Z logger.go:66:           + fields = {
TestTerraformConnectorExample 2022-08-03T16:02:14Z logger.go:66:               + "status.state" = "CREATED"
TestTerraformConnectorExample 2022-08-03T16:02:14Z logger.go:66:             }
TestTerraformConnectorExample 2022-08-03T16:02:14Z logger.go:66:         }
TestTerraformConnectorExample 2022-08-03T16:02:14Z logger.go:66:     }
TestTerraformConnectorExample 2022-08-03T16:02:14Z logger.go:66:
TestTerraformConnectorExample 2022-08-03T16:02:14Z logger.go:66: Plan: 7 to add, 0 to change, 0 to destroy.
TestTerraformConnectorExample 2022-08-03T16:02:14Z logger.go:66:
TestTerraformConnectorExample 2022-08-03T16:02:14Z logger.go:66: Changes to Outputs:
TestTerraformConnectorExample 2022-08-03T16:02:14Z logger.go:66:   + connector = (known after apply)
TestTerraformConnectorExample 2022-08-03T16:02:15Z logger.go:66: module.confluent_platform.module.confluent_operator[0].kubernetes_namespace_v1.namespace[0]: Creating...
TestTerraformConnectorExample 2022-08-03T16:02:15Z logger.go:66: module.confluent_platform.module.confluent_operator[0].kubernetes_namespace_v1.namespace[0]: Creation complete after 0s [id=confluent]
TestTerraformConnectorExample 2022-08-03T16:02:16Z logger.go:66: module.confluent_platform.module.confluent_operator[0].helm_release.confluent_operator[0]: Creating...
TestTerraformConnectorExample 2022-08-03T16:02:22Z logger.go:66: module.confluent_platform.module.confluent_operator[0].helm_release.confluent_operator[0]: Creation complete after 6s [id=confluent-operator]
TestTerraformConnectorExample 2022-08-03T16:02:24Z logger.go:66: module.confluent_platform.kubernetes_manifest.components["zookeeper"]: Creating...
TestTerraformConnectorExample 2022-08-03T16:02:24Z logger.go:66: module.confluent_platform.kubernetes_manifest.components["connect"]: Creating...
TestTerraformConnectorExample 2022-08-03T16:02:24Z logger.go:66: module.confluent_platform.kubernetes_manifest.components["kafka"]: Creating...
TestTerraformConnectorExample 2022-08-03T16:02:34Z logger.go:66: module.confluent_platform.kubernetes_manifest.components["zookeeper"]: Still creating... [10s elapsed]
TestTerraformConnectorExample 2022-08-03T16:02:34Z logger.go:66: module.confluent_platform.kubernetes_manifest.components["connect"]: Still creating... [10s elapsed]
TestTerraformConnectorExample 2022-08-03T16:02:34Z logger.go:66: module.confluent_platform.kubernetes_manifest.components["kafka"]: Still creating... [10s elapsed]
TestTerraformConnectorExample 2022-08-03T16:02:44Z logger.go:66: module.confluent_platform.kubernetes_manifest.components["zookeeper"]: Still creating... [20s elapsed]
TestTerraformConnectorExample 2022-08-03T16:02:44Z logger.go:66: module.confluent_platform.kubernetes_manifest.components["connect"]: Still creating... [20s elapsed]
TestTerraformConnectorExample 2022-08-03T16:02:44Z logger.go:66: module.confluent_platform.kubernetes_manifest.components["kafka"]: Still creating... [20s elapsed]
TestTerraformConnectorExample 2022-08-03T16:02:54Z logger.go:66: module.confluent_platform.kubernetes_manifest.components["zookeeper"]: Still creating... [30s elapsed]
TestTerraformConnectorExample 2022-08-03T16:02:54Z logger.go:66: module.confluent_platform.kubernetes_manifest.components["connect"]: Still creating... [30s elapsed]
TestTerraformConnectorExample 2022-08-03T16:02:54Z logger.go:66: module.confluent_platform.kubernetes_manifest.components["kafka"]: Still creating... [30s elapsed]
TestTerraformConnectorExample 2022-08-03T16:03:04Z logger.go:66: module.confluent_platform.kubernetes_manifest.components["zookeeper"]: Still creating... [40s elapsed]
TestTerraformConnectorExample 2022-08-03T16:03:04Z logger.go:66: module.confluent_platform.kubernetes_manifest.components["connect"]: Still creating... [40s elapsed]
TestTerraformConnectorExample 2022-08-03T16:03:04Z logger.go:66: module.confluent_platform.kubernetes_manifest.components["kafka"]: Still creating... [40s elapsed]
TestTerraformConnectorExample 2022-08-03T16:03:09Z logger.go:66: module.confluent_platform.kubernetes_manifest.components["zookeeper"]: Creation complete after 46s
TestTerraformConnectorExample 2022-08-03T16:03:14Z logger.go:66: module.confluent_platform.kubernetes_manifest.components["connect"]: Still creating... [50s elapsed]
TestTerraformConnectorExample 2022-08-03T16:03:14Z logger.go:66: module.confluent_platform.kubernetes_manifest.components["kafka"]: Still creating... [50s elapsed]
TestTerraformConnectorExample 2022-08-03T16:03:24Z logger.go:66: module.confluent_platform.kubernetes_manifest.components["connect"]: Still creating... [1m0s elapsed]
TestTerraformConnectorExample 2022-08-03T16:03:24Z logger.go:66: module.confluent_platform.kubernetes_manifest.components["kafka"]: Still creating... [1m0s elapsed]
TestTerraformConnectorExample 2022-08-03T16:03:34Z logger.go:66: module.confluent_platform.kubernetes_manifest.components["connect"]: Still creating... [1m10s elapsed]
TestTerraformConnectorExample 2022-08-03T16:03:34Z logger.go:66: module.confluent_platform.kubernetes_manifest.components["kafka"]: Still creating... [1m10s elapsed]
TestTerraformConnectorExample 2022-08-03T16:03:44Z logger.go:66: module.confluent_platform.kubernetes_manifest.components["connect"]: Still creating... [1m20s elapsed]
TestTerraformConnectorExample 2022-08-03T16:03:44Z logger.go:66: module.confluent_platform.kubernetes_manifest.components["kafka"]: Still creating... [1m20s elapsed]
TestTerraformConnectorExample 2022-08-03T16:03:53Z logger.go:66: module.confluent_platform.kubernetes_manifest.components["kafka"]: Creation complete after 1m28s
TestTerraformConnectorExample 2022-08-03T16:03:54Z logger.go:66: module.confluent_platform.kubernetes_manifest.components["connect"]: Still creating... [1m30s elapsed]
TestTerraformConnectorExample 2022-08-03T16:03:57Z logger.go:66: module.confluent_platform.kubernetes_manifest.components["connect"]: Creation complete after 1m33s
TestTerraformConnectorExample 2022-08-03T16:03:58Z logger.go:66: module.confluent_platform.data.kubernetes_resource.components["connect"]: Reading...
TestTerraformConnectorExample 2022-08-03T16:03:58Z logger.go:66: module.confluent_platform.data.kubernetes_resource.components["zookeeper"]: Reading...
TestTerraformConnectorExample 2022-08-03T16:03:58Z logger.go:66: module.confluent_platform.data.kubernetes_resource.components["kafka"]: Reading...
TestTerraformConnectorExample 2022-08-03T16:03:59Z logger.go:66: module.confluent_platform.module.kafka_topics["my-topic"].kubernetes_manifest.topic: Creating...
TestTerraformConnectorExample 2022-08-03T16:03:59Z logger.go:66: module.confluent_platform.data.kubernetes_resource.components["zookeeper"]: Read complete after 1s
TestTerraformConnectorExample 2022-08-03T16:04:00Z logger.go:66: module.confluent_platform.data.kubernetes_resource.components["connect"]: Read complete after 1s
TestTerraformConnectorExample 2022-08-03T16:04:00Z logger.go:66: module.confluent_platform.data.kubernetes_resource.components["kafka"]: Read complete after 1s
TestTerraformConnectorExample 2022-08-03T16:04:02Z logger.go:66: module.confluent_platform.module.kafka_topics["my-topic"].kubernetes_manifest.topic: Creation complete after 2s
TestTerraformConnectorExample 2022-08-03T16:04:02Z logger.go:66: module.confluent_platform.module.kafka_topics["my-topic"].data.kubernetes_resource.topic: Reading...
TestTerraformConnectorExample 2022-08-03T16:04:02Z logger.go:66: module.confluent_platform.module.kafka_topics["my-topic"].data.kubernetes_resource.topic: Read complete after 0s
TestTerraformConnectorExample 2022-08-03T16:04:03Z logger.go:66: module.connector.kubernetes_manifest.connector: Creating...
TestTerraformConnectorExample 2022-08-03T16:04:04Z logger.go:66: module.connector.kubernetes_manifest.connector: Creation complete after 2s
TestTerraformConnectorExample 2022-08-03T16:04:04Z logger.go:66: module.connector.data.kubernetes_resource.connector: Reading...
TestTerraformConnectorExample 2022-08-03T16:04:05Z logger.go:66: module.connector.data.kubernetes_resource.connector: Read complete after 0s
TestTerraformConnectorExample 2022-08-03T16:04:05Z logger.go:66:
TestTerraformConnectorExample 2022-08-03T16:04:05Z logger.go:66: Apply complete! Resources: 7 added, 0 changed, 0 destroyed.
TestTerraformConnectorExample 2022-08-03T16:04:05Z logger.go:66:
TestTerraformConnectorExample 2022-08-03T16:04:05Z logger.go:66: Outputs:
TestTerraformConnectorExample 2022-08-03T16:04:05Z logger.go:66:
TestTerraformConnectorExample 2022-08-03T16:04:05Z logger.go:66: connector = {
TestTerraformConnectorExample 2022-08-03T16:04:05Z logger.go:66:   "class" = "org.apache.kafka.connect.mirror.MirrorSourceConnector"
TestTerraformConnectorExample 2022-08-03T16:04:05Z logger.go:66:   "configs" = tomap({
TestTerraformConnectorExample 2022-08-03T16:04:05Z logger.go:66:     "source.cluster.alias" = "self"
TestTerraformConnectorExample 2022-08-03T16:04:05Z logger.go:66:     "source.cluster.bootstrap.servers" = "kafka:9092"
TestTerraformConnectorExample 2022-08-03T16:04:05Z logger.go:66:     "target.cluster.bootstrap.servers" = "kafka:9092"
TestTerraformConnectorExample 2022-08-03T16:04:05Z logger.go:66:     "topics" = "my-topic"
TestTerraformConnectorExample 2022-08-03T16:04:05Z logger.go:66:   })
TestTerraformConnectorExample 2022-08-03T16:04:05Z logger.go:66:   "connectClusterRef" = {
TestTerraformConnectorExample 2022-08-03T16:04:05Z logger.go:66:     "name" = "connect"
TestTerraformConnectorExample 2022-08-03T16:04:05Z logger.go:66:     "namespace" = tostring(null)
TestTerraformConnectorExample 2022-08-03T16:04:05Z logger.go:66:   }
TestTerraformConnectorExample 2022-08-03T16:04:05Z logger.go:66:   "connectRest" = {
TestTerraformConnectorExample 2022-08-03T16:04:05Z logger.go:66:     "authentication" = {
TestTerraformConnectorExample 2022-08-03T16:04:05Z logger.go:66:       "basic" = {
TestTerraformConnectorExample 2022-08-03T16:04:05Z logger.go:66:         "debug" = tobool(null)
TestTerraformConnectorExample 2022-08-03T16:04:05Z logger.go:66:         "directoryPathInContainer" = tostring(null)
TestTerraformConnectorExample 2022-08-03T16:04:05Z logger.go:66:         "restrictedRoles" = tolist(null) /* of string */
TestTerraformConnectorExample 2022-08-03T16:04:05Z logger.go:66:         "roles" = tolist(null) /* of string */
TestTerraformConnectorExample 2022-08-03T16:04:05Z logger.go:66:         "secretRef" = tostring(null)
TestTerraformConnectorExample 2022-08-03T16:04:05Z logger.go:66:       }
TestTerraformConnectorExample 2022-08-03T16:04:05Z logger.go:66:       "bearer" = {
TestTerraformConnectorExample 2022-08-03T16:04:05Z logger.go:66:         "directoryPathInContainer" = tostring(null)
TestTerraformConnectorExample 2022-08-03T16:04:05Z logger.go:66:         "secretRef" = tostring(null)
TestTerraformConnectorExample 2022-08-03T16:04:05Z logger.go:66:       }
TestTerraformConnectorExample 2022-08-03T16:04:05Z logger.go:66:       "type" = tostring(null)
TestTerraformConnectorExample 2022-08-03T16:04:05Z logger.go:66:     }
TestTerraformConnectorExample 2022-08-03T16:04:05Z logger.go:66:     "endpoint" = tostring(null)
TestTerraformConnectorExample 2022-08-03T16:04:05Z logger.go:66:     "kafkaClusterID" = tostring(null)
TestTerraformConnectorExample 2022-08-03T16:04:05Z logger.go:66:     "tls" = {
TestTerraformConnectorExample 2022-08-03T16:04:05Z logger.go:66:       "directoryPathInContainer" = tostring(null)
TestTerraformConnectorExample 2022-08-03T16:04:05Z logger.go:66:       "jksPassword" = {
TestTerraformConnectorExample 2022-08-03T16:04:05Z logger.go:66:         "secretRef" = tostring(null)
TestTerraformConnectorExample 2022-08-03T16:04:05Z logger.go:66:       }
TestTerraformConnectorExample 2022-08-03T16:04:05Z logger.go:66:       "secretRef" = tostring(null)
TestTerraformConnectorExample 2022-08-03T16:04:05Z logger.go:66:     }
TestTerraformConnectorExample 2022-08-03T16:04:05Z logger.go:66:   }
TestTerraformConnectorExample 2022-08-03T16:04:05Z logger.go:66:   "name" = tostring(null)
TestTerraformConnectorExample 2022-08-03T16:04:05Z logger.go:66:   "restartPolicy" = {
TestTerraformConnectorExample 2022-08-03T16:04:05Z logger.go:66:     "maxRetry" = tonumber(null)
TestTerraformConnectorExample 2022-08-03T16:04:05Z logger.go:66:     "type" = tostring(null)
TestTerraformConnectorExample 2022-08-03T16:04:05Z logger.go:66:   }
TestTerraformConnectorExample 2022-08-03T16:04:05Z logger.go:66:   "taskMax" = 1
TestTerraformConnectorExample 2022-08-03T16:04:05Z logger.go:66: }
TestTerraformConnectorExample 2022-08-03T16:04:05Z retry.go:91: terraform [output -no-color -json connector]
TestTerraformConnectorExample 2022-08-03T16:04:05Z logger.go:66: Running command terraform with args [output -no-color -json connector]
TestTerraformConnectorExample 2022-08-03T16:04:05Z logger.go:66: {"class":"org.apache.kafka.connect.mirror.MirrorSourceConnector","configs":{"source.cluster.alias":"self","source.cluster.bootstrap.servers":"kafka:9092","target.cluster.bootstrap.servers":"kafka:9092","topics":"my-topic"},"connectClusterRef":{"name":"connect","namespace":null},"connectRest":{"authentication":{"basic":{"debug":null,"directoryPathInContainer":null,"restrictedRoles":null,"roles":null,"secretRef":null},"bearer":{"directoryPathInContainer":null,"secretRef":null},"type":null},"endpoint":null,"kafkaClusterID":null,"tls":{"directoryPathInContainer":null,"jksPassword":{"secretRef":null},"secretRef":null}},"name":null,"restartPolicy":{"maxRetry":null,"type":null},"taskMax":1}
TestTerraformConnectorExample 2022-08-03T16:04:06Z retry.go:91: terraform [destroy -auto-approve -input=false -no-color -lock=false]
TestTerraformConnectorExample 2022-08-03T16:04:06Z logger.go:66: Running command terraform with args [destroy -auto-approve -input=false -no-color -lock=false]
TestTerraformConnectorExample 2022-08-03T16:04:09Z logger.go:66: module.confluent_platform.module.confluent_operator[0].kubernetes_namespace_v1.namespace[0]: Refreshing state... [id=confluent]
TestTerraformConnectorExample 2022-08-03T16:04:09Z logger.go:66: module.confluent_platform.module.confluent_operator[0].helm_release.confluent_operator[0]: Refreshing state... [id=confluent-operator]
TestTerraformConnectorExample 2022-08-03T16:04:12Z logger.go:66: module.confluent_platform.kubernetes_manifest.components["zookeeper"]: Refreshing state...
TestTerraformConnectorExample 2022-08-03T16:04:13Z logger.go:66: module.confluent_platform.kubernetes_manifest.components["connect"]: Refreshing state...
TestTerraformConnectorExample 2022-08-03T16:04:13Z logger.go:66: module.confluent_platform.kubernetes_manifest.components["kafka"]: Refreshing state...
TestTerraformConnectorExample 2022-08-03T16:04:15Z logger.go:66: module.confluent_platform.data.kubernetes_resource.components["connect"]: Reading...
TestTerraformConnectorExample 2022-08-03T16:04:15Z logger.go:66: module.confluent_platform.data.kubernetes_resource.components["zookeeper"]: Reading...
TestTerraformConnectorExample 2022-08-03T16:04:15Z logger.go:66: module.confluent_platform.data.kubernetes_resource.components["kafka"]: Reading...
TestTerraformConnectorExample 2022-08-03T16:04:15Z logger.go:66: module.confluent_platform.module.kafka_topics["my-topic"].kubernetes_manifest.topic: Refreshing state...
TestTerraformConnectorExample 2022-08-03T16:04:16Z logger.go:66: module.confluent_platform.data.kubernetes_resource.components["zookeeper"]: Read complete after 1s
TestTerraformConnectorExample 2022-08-03T16:04:16Z logger.go:66: module.confluent_platform.data.kubernetes_resource.components["connect"]: Read complete after 1s
TestTerraformConnectorExample 2022-08-03T16:04:16Z logger.go:66: module.confluent_platform.module.kafka_topics["my-topic"].data.kubernetes_resource.topic: Reading...
TestTerraformConnectorExample 2022-08-03T16:04:16Z logger.go:66: module.confluent_platform.data.kubernetes_resource.components["kafka"]: Read complete after 1s
TestTerraformConnectorExample 2022-08-03T16:04:16Z logger.go:66: module.confluent_platform.module.kafka_topics["my-topic"].data.kubernetes_resource.topic: Read complete after 1s
TestTerraformConnectorExample 2022-08-03T16:04:16Z logger.go:66: module.connector.kubernetes_manifest.connector: Refreshing state...
TestTerraformConnectorExample 2022-08-03T16:04:17Z logger.go:66: module.connector.data.kubernetes_resource.connector: Reading...
TestTerraformConnectorExample 2022-08-03T16:04:17Z logger.go:66: module.connector.data.kubernetes_resource.connector: Read complete after 1s
TestTerraformConnectorExample 2022-08-03T16:04:18Z logger.go:66:
TestTerraformConnectorExample 2022-08-03T16:04:18Z logger.go:66: Terraform used the selected providers to generate the following execution
TestTerraformConnectorExample 2022-08-03T16:04:18Z logger.go:66: plan. Resource actions are indicated with the following symbols:
TestTerraformConnectorExample 2022-08-03T16:04:18Z logger.go:66:   - destroy
TestTerraformConnectorExample 2022-08-03T16:04:18Z logger.go:66:
TestTerraformConnectorExample 2022-08-03T16:04:18Z logger.go:66: Terraform will perform the following actions:
TestTerraformConnectorExample 2022-08-03T16:04:18Z logger.go:66:
TestTerraformConnectorExample 2022-08-03T16:04:18Z logger.go:66:   # module.confluent_platform.kubernetes_manifest.components["connect"] will be destroyed
TestTerraformConnectorExample 2022-08-03T16:04:18Z logger.go:66:   - resource "kubernetes_manifest" "components" {
TestTerraformConnectorExample 2022-08-03T16:04:18Z logger.go:66:       - computed_fields = [
TestTerraformConnectorExample 2022-08-03T16:04:18Z logger.go:66:           - "metadata.finalizers",
TestTerraformConnectorExample 2022-08-03T16:04:18Z logger.go:66:         ] -> null
TestTerraformConnectorExample 2022-08-03T16:04:18Z logger.go:66:       - manifest        = {
TestTerraformConnectorExample 2022-08-03T16:04:18Z logger.go:66:           - apiVersion = "platform.confluent.io/v1beta1"
TestTerraformConnectorExample 2022-08-03T16:04:18Z logger.go:66:           - kind       = "Connect"
TestTerraformConnectorExample 2022-08-03T16:04:18Z logger.go:66:           - metadata   = {
TestTerraformConnectorExample 2022-08-03T16:04:18Z logger.go:66:               - name      = "connect"
TestTerraformConnectorExample 2022-08-03T16:04:18Z logger.go:66:               - namespace = "confluent"
TestTerraformConnectorExample 2022-08-03T16:04:18Z logger.go:66:             }
TestTerraformConnectorExample 2022-08-03T16:04:18Z logger.go:66:           - spec       = {
TestTerraformConnectorExample 2022-08-03T16:04:18Z logger.go:66:               - build        = {
TestTerraformConnectorExample 2022-08-03T16:04:18Z logger.go:66:                   - onDemand = {
TestTerraformConnectorExample 2022-08-03T16:04:18Z logger.go:66:                       - plugins = {
TestTerraformConnectorExample 2022-08-03T16:04:18Z logger.go:66:                           - confluentHub = [
TestTerraformConnectorExample 2022-08-03T16:04:18Z logger.go:66:                               - {
TestTerraformConnectorExample 2022-08-03T16:04:18Z logger.go:66:                                   - name    = "debezium-connector-postgresql"
TestTerraformConnectorExample 2022-08-03T16:04:18Z logger.go:66:                                   - owner   = "debezium"
TestTerraformConnectorExample 2022-08-03T16:04:18Z logger.go:66:                                   - version = "1.9.3"
TestTerraformConnectorExample 2022-08-03T16:04:18Z logger.go:66:                                 },
TestTerraformConnectorExample 2022-08-03T16:04:18Z logger.go:66:                             ]
TestTerraformConnectorExample 2022-08-03T16:04:18Z logger.go:66:                           - locationType = "confluentHub"
TestTerraformConnectorExample 2022-08-03T16:04:18Z logger.go:66:                         }
TestTerraformConnectorExample 2022-08-03T16:04:18Z logger.go:66:                     }
TestTerraformConnectorExample 2022-08-03T16:04:18Z logger.go:66:                   - type     = "onDemand"
TestTerraformConnectorExample 2022-08-03T16:04:18Z logger.go:66:                 }
TestTerraformConnectorExample 2022-08-03T16:04:18Z logger.go:66:               - dependencies = {
TestTerraformConnectorExample 2022-08-03T16:04:18Z logger.go:66:                   - kafka = {
TestTerraformConnectorExample 2022-08-03T16:04:18Z logger.go:66:                       - bootstrapEndpoint = "kafka:9071"
TestTerraformConnectorExample 2022-08-03T16:04:18Z logger.go:66:                     }
TestTerraformConnectorExample 2022-08-03T16:04:18Z logger.go:66:                 }
TestTerraformConnectorExample 2022-08-03T16:04:18Z logger.go:66:               - image        = {
TestTerraformConnectorExample 2022-08-03T16:04:18Z logger.go:66:                   - application = "confluentinc/cp-server-connect:7.2.0"
TestTerraformConnectorExample 2022-08-03T16:04:18Z logger.go:66:                   - init        = "confluentinc/confluent-init-container:2.4.0"
TestTerraformConnectorExample 2022-08-03T16:04:18Z logger.go:66:                 }
TestTerraformConnectorExample 2022-08-03T16:04:18Z logger.go:66:               - replicas     = 1
TestTerraformConnectorExample 2022-08-03T16:04:18Z logger.go:66:             }
TestTerraformConnectorExample 2022-08-03T16:04:18Z logger.go:66:         } -> null
TestTerraformConnectorExample 2022-08-03T16:04:18Z logger.go:66:       - object          = {
TestTerraformConnectorExample 2022-08-03T16:04:18Z logger.go:66:           - apiVersion = "platform.confluent.io/v1beta1"
TestTerraformConnectorExample 2022-08-03T16:04:18Z logger.go:66:           - kind       = "Connect"
TestTerraformConnectorExample 2022-08-03T16:04:18Z logger.go:66:           - metadata   = {
TestTerraformConnectorExample 2022-08-03T16:04:18Z logger.go:66:               - annotations                = null
TestTerraformConnectorExample 2022-08-03T16:04:18Z logger.go:66:               - clusterName                = null
TestTerraformConnectorExample 2022-08-03T16:04:18Z logger.go:66:               - creationTimestamp          = null
TestTerraformConnectorExample 2022-08-03T16:04:18Z logger.go:66:               - deletionGracePeriodSeconds = null
TestTerraformConnectorExample 2022-08-03T16:04:18Z logger.go:66:               - deletionTimestamp          = null
TestTerraformConnectorExample 2022-08-03T16:04:18Z logger.go:66:               - finalizers                 = [
TestTerraformConnectorExample 2022-08-03T16:04:18Z logger.go:66:                   - "connect.finalizers.platform.confluent.io",
TestTerraformConnectorExample 2022-08-03T16:04:18Z logger.go:66:                 ]
TestTerraformConnectorExample 2022-08-03T16:04:18Z logger.go:66:               - generateName               = null
TestTerraformConnectorExample 2022-08-03T16:04:18Z logger.go:66:               - generation                 = null
TestTerraformConnectorExample 2022-08-03T16:04:18Z logger.go:66:               - labels                     = null
TestTerraformConnectorExample 2022-08-03T16:04:18Z logger.go:66:               - managedFields              = null
TestTerraformConnectorExample 2022-08-03T16:04:18Z logger.go:66:               - name                       = "connect"
TestTerraformConnectorExample 2022-08-03T16:04:18Z logger.go:66:               - namespace                  = "confluent"
TestTerraformConnectorExample 2022-08-03T16:04:18Z logger.go:66:               - ownerReferences            = null
TestTerraformConnectorExample 2022-08-03T16:04:18Z logger.go:66:               - resourceVersion            = null
TestTerraformConnectorExample 2022-08-03T16:04:18Z logger.go:66:               - selfLink                   = null
TestTerraformConnectorExample 2022-08-03T16:04:18Z logger.go:66:               - uid                        = null
TestTerraformConnectorExample 2022-08-03T16:04:18Z logger.go:66:             }
TestTerraformConnectorExample 2022-08-03T16:04:18Z logger.go:66:           - spec       = {
TestTerraformConnectorExample 2022-08-03T16:04:18Z logger.go:66:               - authentication                 = {
TestTerraformConnectorExample 2022-08-03T16:04:18Z logger.go:66:                   - basic = {
TestTerraformConnectorExample 2022-08-03T16:04:18Z logger.go:66:                       - debug                    = null
TestTerraformConnectorExample 2022-08-03T16:04:18Z logger.go:66:                       - directoryPathInContainer = null
TestTerraformConnectorExample 2022-08-03T16:04:18Z logger.go:66:                       - restrictedRoles          = null
TestTerraformConnectorExample 2022-08-03T16:04:18Z logger.go:66:                       - roles                    = null
TestTerraformConnectorExample 2022-08-03T16:04:18Z logger.go:66:                       - secretRef                = null
TestTerraformConnectorExample 2022-08-03T16:04:18Z logger.go:66:                     }
TestTerraformConnectorExample 2022-08-03T16:04:18Z logger.go:66:                   - type  = null
TestTerraformConnectorExample 2022-08-03T16:04:18Z logger.go:66:                 }
TestTerraformConnectorExample 2022-08-03T16:04:18Z logger.go:66:               - authorization                  = {
TestTerraformConnectorExample 2022-08-03T16:04:18Z logger.go:66:                   - kafkaRestClassRef = {
TestTerraformConnectorExample 2022-08-03T16:04:18Z logger.go:66:                       - name      = null
TestTerraformConnectorExample 2022-08-03T16:04:18Z logger.go:66:                       - namespace = null
TestTerraformConnectorExample 2022-08-03T16:04:18Z logger.go:66:                     }
TestTerraformConnectorExample 2022-08-03T16:04:18Z logger.go:66:                   - type              = null
TestTerraformConnectorExample 2022-08-03T16:04:18Z logger.go:66:                 }
TestTerraformConnectorExample 2022-08-03T16:04:18Z logger.go:66:               - build                          = {
TestTerraformConnectorExample 2022-08-03T16:04:18Z logger.go:66:                   - onDemand = {
TestTerraformConnectorExample 2022-08-03T16:04:18Z logger.go:66:                       - plugins      = {
TestTerraformConnectorExample 2022-08-03T16:04:18Z logger.go:66:                           - confluentHub = [
TestTerraformConnectorExample 2022-08-03T16:04:18Z logger.go:66:                               - {
TestTerraformConnectorExample 2022-08-03T16:04:18Z logger.go:66:                                   - name    = "debezium-connector-postgresql"
TestTerraformConnectorExample 2022-08-03T16:04:18Z logger.go:66:                                   - owner   = "debezium"
TestTerraformConnectorExample 2022-08-03T16:04:18Z logger.go:66:                                   - version = "1.9.3"
TestTerraformConnectorExample 2022-08-03T16:04:18Z logger.go:66:                                 },
TestTerraformConnectorExample 2022-08-03T16:04:18Z logger.go:66:                             ]
TestTerraformConnectorExample 2022-08-03T16:04:18Z logger.go:66:                           - locationType = "confluentHub"
TestTerraformConnectorExample 2022-08-03T16:04:18Z logger.go:66:                           - url          = null
TestTerraformConnectorExample 2022-08-03T16:04:18Z logger.go:66:                         }
TestTerraformConnectorExample 2022-08-03T16:04:18Z logger.go:66:                       - storageLimit = null
TestTerraformConnectorExample 2022-08-03T16:04:18Z logger.go:66:                     }
TestTerraformConnectorExample 2022-08-03T16:04:18Z logger.go:66:                   - type     = "onDemand"
TestTerraformConnectorExample 2022-08-03T16:04:18Z logger.go:66:                 }
TestTerraformConnectorExample 2022-08-03T16:04:18Z logger.go:66:               - configOverrides                = {
TestTerraformConnectorExample 2022-08-03T16:04:18Z logger.go:66:                   - jvm    = null
TestTerraformConnectorExample 2022-08-03T16:04:18Z logger.go:66:                   - log4j  = null
TestTerraformConnectorExample 2022-08-03T16:04:18Z logger.go:66:                   - server = null
TestTerraformConnectorExample 2022-08-03T16:04:18Z logger.go:66:                 }
TestTerraformConnectorExample 2022-08-03T16:04:18Z logger.go:66:               - connectorOverridePolicy        = null
TestTerraformConnectorExample 2022-08-03T16:04:18Z logger.go:66:               - connectorTLSCerts              = null
TestTerraformConnectorExample 2022-08-03T16:04:18Z logger.go:66:               - dependencies                   = {
TestTerraformConnectorExample 2022-08-03T16:04:18Z logger.go:66:                   - admin          = {
TestTerraformConnectorExample 2022-08-03T16:04:18Z logger.go:66:                       - authentication    = {
TestTerraformConnectorExample 2022-08-03T16:04:18Z logger.go:66:                           - jaasConfig            = {
TestTerraformConnectorExample 2022-08-03T16:04:18Z logger.go:66:                               - secretRef = null
TestTerraformConnectorExample 2022-08-03T16:04:18Z logger.go:66:                             }
TestTerraformConnectorExample 2022-08-03T16:04:18Z logger.go:66:                           - jaasConfigPassThrough = {
TestTerraformConnectorExample 2022-08-03T16:04:18Z logger.go:66:                               - directoryPathInContainer = null
TestTerraformConnectorExample 2022-08-03T16:04:18Z logger.go:66:                               - secretRef                = null
TestTerraformConnectorExample 2022-08-03T16:04:18Z logger.go:66:                             }
TestTerraformConnectorExample 2022-08-03T16:04:18Z logger.go:66:                           - oauthbearer           = {
TestTerraformConnectorExample 2022-08-03T16:04:18Z logger.go:66:                               - directoryPathInContainer = null
TestTerraformConnectorExample 2022-08-03T16:04:18Z logger.go:66:                               - secretRef                = null
TestTerraformConnectorExample 2022-08-03T16:04:18Z logger.go:66:                             }
TestTerraformConnectorExample 2022-08-03T16:04:18Z logger.go:66:                           - type                  = null
TestTerraformConnectorExample 2022-08-03T16:04:18Z logger.go:66:                         }
TestTerraformConnectorExample 2022-08-03T16:04:18Z logger.go:66:                       - bootstrapEndpoint = null
TestTerraformConnectorExample 2022-08-03T16:04:18Z logger.go:66:                       - discovery         = {
TestTerraformConnectorExample 2022-08-03T16:04:18Z logger.go:66:                           - name      = null
TestTerraformConnectorExample 2022-08-03T16:04:18Z logger.go:66:                           - namespace = null
TestTerraformConnectorExample 2022-08-03T16:04:18Z logger.go:66:                           - secretRef = null
TestTerraformConnectorExample 2022-08-03T16:04:18Z logger.go:66:                         }
TestTerraformConnectorExample 2022-08-03T16:04:18Z logger.go:66:                       - tls               = {
TestTerraformConnectorExample 2022-08-03T16:04:18Z logger.go:66:                           - directoryPathInContainer = null
TestTerraformConnectorExample 2022-08-03T16:04:18Z logger.go:66:                           - enabled                  = null
TestTerraformConnectorExample 2022-08-03T16:04:18Z logger.go:66:                           - ignoreTrustStoreConfig   = null
TestTerraformConnectorExample 2022-08-03T16:04:18Z logger.go:66:                           - jksPassword              = {
TestTerraformConnectorExample 2022-08-03T16:04:18Z logger.go:66:                               - secretRef = null
TestTerraformConnectorExample 2022-08-03T16:04:18Z logger.go:66:                             }
TestTerraformConnectorExample 2022-08-03T16:04:18Z logger.go:66:                           - secretRef                = null
TestTerraformConnectorExample 2022-08-03T16:04:18Z logger.go:66:                         }
TestTerraformConnectorExample 2022-08-03T16:04:18Z logger.go:66:                     }
TestTerraformConnectorExample 2022-08-03T16:04:18Z logger.go:66:                   - consumer       = {
TestTerraformConnectorExample 2022-08-03T16:04:18Z logger.go:66:                       - authentication    = {
TestTerraformConnectorExample 2022-08-03T16:04:18Z logger.go:66:                           - jaasConfig            = {
TestTerraformConnectorExample 2022-08-03T16:04:18Z logger.go:66:                               - secretRef = null
TestTerraformConnectorExample 2022-08-03T16:04:18Z logger.go:66:                             }
TestTerraformConnectorExample 2022-08-03T16:04:18Z logger.go:66:                           - jaasConfigPassThrough = {
TestTerraformConnectorExample 2022-08-03T16:04:18Z logger.go:66:                               - directoryPathInContainer = null
TestTerraformConnectorExample 2022-08-03T16:04:18Z logger.go:66:                               - secretRef                = null
TestTerraformConnectorExample 2022-08-03T16:04:18Z logger.go:66:                             }
TestTerraformConnectorExample 2022-08-03T16:04:18Z logger.go:66:                           - oauthbearer           = {
TestTerraformConnectorExample 2022-08-03T16:04:18Z logger.go:66:                               - directoryPathInContainer = null
TestTerraformConnectorExample 2022-08-03T16:04:18Z logger.go:66:                               - secretRef                = null
TestTerraformConnectorExample 2022-08-03T16:04:18Z logger.go:66:                             }
TestTerraformConnectorExample 2022-08-03T16:04:18Z logger.go:66:                           - type                  = null
TestTerraformConnectorExample 2022-08-03T16:04:18Z logger.go:66:                         }
TestTerraformConnectorExample 2022-08-03T16:04:18Z logger.go:66:                       - bootstrapEndpoint = null
TestTerraformConnectorExample 2022-08-03T16:04:18Z logger.go:66:                       - discovery         = {
TestTerraformConnectorExample 2022-08-03T16:04:18Z logger.go:66:                           - name      = null
TestTerraformConnectorExample 2022-08-03T16:04:18Z logger.go:66:                           - namespace = null
TestTerraformConnectorExample 2022-08-03T16:04:18Z logger.go:66:                           - secretRef = null
TestTerraformConnectorExample 2022-08-03T16:04:18Z logger.go:66:                         }
TestTerraformConnectorExample 2022-08-03T16:04:18Z logger.go:66:                       - tls               = {
TestTerraformConnectorExample 2022-08-03T16:04:18Z logger.go:66:                           - directoryPathInContainer = null
TestTerraformConnectorExample 2022-08-03T16:04:18Z logger.go:66:                           - enabled                  = null
TestTerraformConnectorExample 2022-08-03T16:04:18Z logger.go:66:                           - ignoreTrustStoreConfig   = null
TestTerraformConnectorExample 2022-08-03T16:04:18Z logger.go:66:                           - jksPassword              = {
TestTerraformConnectorExample 2022-08-03T16:04:18Z logger.go:66:                               - secretRef = null
TestTerraformConnectorExample 2022-08-03T16:04:18Z logger.go:66:                             }
TestTerraformConnectorExample 2022-08-03T16:04:18Z logger.go:66:                           - secretRef                = null
TestTerraformConnectorExample 2022-08-03T16:04:18Z logger.go:66:                         }
TestTerraformConnectorExample 2022-08-03T16:04:18Z logger.go:66:                     }
TestTerraformConnectorExample 2022-08-03T16:04:18Z logger.go:66:                   - interceptor    = {
TestTerraformConnectorExample 2022-08-03T16:04:18Z logger.go:66:                       - configs   = null
TestTerraformConnectorExample 2022-08-03T16:04:18Z logger.go:66:                       - consumer  = {
TestTerraformConnectorExample 2022-08-03T16:04:18Z logger.go:66:                           - authentication    = {
TestTerraformConnectorExample 2022-08-03T16:04:18Z logger.go:66:                               - jaasConfig            = {
TestTerraformConnectorExample 2022-08-03T16:04:18Z logger.go:66:                                   - secretRef = null
TestTerraformConnectorExample 2022-08-03T16:04:18Z logger.go:66:                                 }
TestTerraformConnectorExample 2022-08-03T16:04:18Z logger.go:66:                               - jaasConfigPassThrough = {
TestTerraformConnectorExample 2022-08-03T16:04:18Z logger.go:66:                                   - directoryPathInContainer = null
TestTerraformConnectorExample 2022-08-03T16:04:18Z logger.go:66:                                   - secretRef                = null
TestTerraformConnectorExample 2022-08-03T16:04:18Z logger.go:66:                                 }
TestTerraformConnectorExample 2022-08-03T16:04:18Z logger.go:66:                               - oauthbearer           = {
TestTerraformConnectorExample 2022-08-03T16:04:18Z logger.go:66:                                   - directoryPathInContainer = null
TestTerraformConnectorExample 2022-08-03T16:04:18Z logger.go:66:                                   - secretRef                = null
TestTerraformConnectorExample 2022-08-03T16:04:18Z logger.go:66:                                 }
TestTerraformConnectorExample 2022-08-03T16:04:18Z logger.go:66:                               - type                  = null
TestTerraformConnectorExample 2022-08-03T16:04:18Z logger.go:66:                             }
TestTerraformConnectorExample 2022-08-03T16:04:18Z logger.go:66:                           - bootstrapEndpoint = null
TestTerraformConnectorExample 2022-08-03T16:04:18Z logger.go:66:                           - discovery         = {
TestTerraformConnectorExample 2022-08-03T16:04:18Z logger.go:66:                               - name      = null
TestTerraformConnectorExample 2022-08-03T16:04:18Z logger.go:66:                               - namespace = null
TestTerraformConnectorExample 2022-08-03T16:04:18Z logger.go:66:                               - secretRef = null
TestTerraformConnectorExample 2022-08-03T16:04:18Z logger.go:66:                             }
TestTerraformConnectorExample 2022-08-03T16:04:18Z logger.go:66:                           - tls               = {
TestTerraformConnectorExample 2022-08-03T16:04:18Z logger.go:66:                               - directoryPathInContainer = null
TestTerraformConnectorExample 2022-08-03T16:04:18Z logger.go:66:                               - enabled                  = null
TestTerraformConnectorExample 2022-08-03T16:04:18Z logger.go:66:                               - ignoreTrustStoreConfig   = null
TestTerraformConnectorExample 2022-08-03T16:04:18Z logger.go:66:                               - jksPassword              = {
TestTerraformConnectorExample 2022-08-03T16:04:18Z logger.go:66:                                   - secretRef = null
TestTerraformConnectorExample 2022-08-03T16:04:18Z logger.go:66:                                 }
TestTerraformConnectorExample 2022-08-03T16:04:18Z logger.go:66:                               - secretRef                = null
TestTerraformConnectorExample 2022-08-03T16:04:18Z logger.go:66:                             }
TestTerraformConnectorExample 2022-08-03T16:04:18Z logger.go:66:                         }
TestTerraformConnectorExample 2022-08-03T16:04:18Z logger.go:66:                       - enabled   = null
TestTerraformConnectorExample 2022-08-03T16:04:18Z logger.go:66:                       - producer  = {
TestTerraformConnectorExample 2022-08-03T16:04:18Z logger.go:66:                           - authentication    = {
TestTerraformConnectorExample 2022-08-03T16:04:18Z logger.go:66:                               - jaasConfig            = {
TestTerraformConnectorExample 2022-08-03T16:04:18Z logger.go:66:                                   - secretRef = null
TestTerraformConnectorExample 2022-08-03T16:04:18Z logger.go:66:                                 }
TestTerraformConnectorExample 2022-08-03T16:04:18Z logger.go:66:                               - jaasConfigPassThrough = {
TestTerraformConnectorExample 2022-08-03T16:04:18Z logger.go:66:                                   - directoryPathInContainer = null
TestTerraformConnectorExample 2022-08-03T16:04:18Z logger.go:66:                                   - secretRef                = null
TestTerraformConnectorExample 2022-08-03T16:04:18Z logger.go:66:                                 }
TestTerraformConnectorExample 2022-08-03T16:04:18Z logger.go:66:                               - oauthbearer           = {
TestTerraformConnectorExample 2022-08-03T16:04:18Z logger.go:66:                                   - directoryPathInContainer = null
TestTerraformConnectorExample 2022-08-03T16:04:18Z logger.go:66:                                   - secretRef                = null
TestTerraformConnectorExample 2022-08-03T16:04:18Z logger.go:66:                                 }
TestTerraformConnectorExample 2022-08-03T16:04:18Z logger.go:66:                               - type                  = null
TestTerraformConnectorExample 2022-08-03T16:04:18Z logger.go:66:                             }
TestTerraformConnectorExample 2022-08-03T16:04:18Z logger.go:66:                           - bootstrapEndpoint = null
TestTerraformConnectorExample 2022-08-03T16:04:18Z logger.go:66:                           - discovery         = {
TestTerraformConnectorExample 2022-08-03T16:04:18Z logger.go:66:                               - name      = null
TestTerraformConnectorExample 2022-08-03T16:04:18Z logger.go:66:                               - namespace = null
TestTerraformConnectorExample 2022-08-03T16:04:18Z logger.go:66:                               - secretRef = null
TestTerraformConnectorExample 2022-08-03T16:04:18Z logger.go:66:                             }
TestTerraformConnectorExample 2022-08-03T16:04:18Z logger.go:66:                           - tls               = {
TestTerraformConnectorExample 2022-08-03T16:04:18Z logger.go:66:                               - directoryPathInContainer = null
TestTerraformConnectorExample 2022-08-03T16:04:18Z logger.go:66:                               - enabled                  = null
TestTerraformConnectorExample 2022-08-03T16:04:18Z logger.go:66:                               - ignoreTrustStoreConfig   = null
TestTerraformConnectorExample 2022-08-03T16:04:18Z logger.go:66:                               - jksPassword              = {
TestTerraformConnectorExample 2022-08-03T16:04:18Z logger.go:66:                                   - secretRef = null
TestTerraformConnectorExample 2022-08-03T16:04:18Z logger.go:66:                                 }
TestTerraformConnectorExample 2022-08-03T16:04:18Z logger.go:66:                               - secretRef                = null
TestTerraformConnectorExample 2022-08-03T16:04:18Z logger.go:66:                             }
TestTerraformConnectorExample 2022-08-03T16:04:18Z logger.go:66:                         }
TestTerraformConnectorExample 2022-08-03T16:04:18Z logger.go:66:                       - publishMs = null
TestTerraformConnectorExample 2022-08-03T16:04:18Z logger.go:66:                     }
TestTerraformConnectorExample 2022-08-03T16:04:18Z logger.go:66:                   - kafka          = {
TestTerraformConnectorExample 2022-08-03T16:04:18Z logger.go:66:                       - authentication    = {
TestTerraformConnectorExample 2022-08-03T16:04:18Z logger.go:66:                           - jaasConfig            = {
TestTerraformConnectorExample 2022-08-03T16:04:18Z logger.go:66:                               - secretRef = null
TestTerraformConnectorExample 2022-08-03T16:04:18Z logger.go:66:                             }
TestTerraformConnectorExample 2022-08-03T16:04:18Z logger.go:66:                           - jaasConfigPassThrough = {
TestTerraformConnectorExample 2022-08-03T16:04:18Z logger.go:66:                               - directoryPathInContainer = null
TestTerraformConnectorExample 2022-08-03T16:04:18Z logger.go:66:                               - secretRef                = null
TestTerraformConnectorExample 2022-08-03T16:04:18Z logger.go:66:                             }
TestTerraformConnectorExample 2022-08-03T16:04:18Z logger.go:66:                           - oauthbearer           = {
TestTerraformConnectorExample 2022-08-03T16:04:18Z logger.go:66:                               - directoryPathInContainer = null
TestTerraformConnectorExample 2022-08-03T16:04:18Z logger.go:66:                               - secretRef                = null
TestTerraformConnectorExample 2022-08-03T16:04:18Z logger.go:66:                             }
TestTerraformConnectorExample 2022-08-03T16:04:18Z logger.go:66:                           - type                  = null
TestTerraformConnectorExample 2022-08-03T16:04:18Z logger.go:66:                         }
TestTerraformConnectorExample 2022-08-03T16:04:18Z logger.go:66:                       - bootstrapEndpoint = "kafka:9071"
TestTerraformConnectorExample 2022-08-03T16:04:18Z logger.go:66:                       - discovery         = {
TestTerraformConnectorExample 2022-08-03T16:04:18Z logger.go:66:                           - name      = null
TestTerraformConnectorExample 2022-08-03T16:04:18Z logger.go:66:                           - namespace = null
TestTerraformConnectorExample 2022-08-03T16:04:18Z logger.go:66:                           - secretRef = null
TestTerraformConnectorExample 2022-08-03T16:04:18Z logger.go:66:                         }
TestTerraformConnectorExample 2022-08-03T16:04:18Z logger.go:66:                       - tls               = {
TestTerraformConnectorExample 2022-08-03T16:04:18Z logger.go:66:                           - directoryPathInContainer = null
TestTerraformConnectorExample 2022-08-03T16:04:18Z logger.go:66:                           - enabled                  = null
TestTerraformConnectorExample 2022-08-03T16:04:18Z logger.go:66:                           - ignoreTrustStoreConfig   = null
TestTerraformConnectorExample 2022-08-03T16:04:18Z logger.go:66:                           - jksPassword              = {
TestTerraformConnectorExample 2022-08-03T16:04:18Z logger.go:66:                               - secretRef = null
TestTerraformConnectorExample 2022-08-03T16:04:18Z logger.go:66:                             }
TestTerraformConnectorExample 2022-08-03T16:04:18Z logger.go:66:                           - secretRef                = null
TestTerraformConnectorExample 2022-08-03T16:04:18Z logger.go:66:                         }
TestTerraformConnectorExample 2022-08-03T16:04:18Z logger.go:66:                     }
TestTerraformConnectorExample 2022-08-03T16:04:18Z logger.go:66:                   - mds            = {
TestTerraformConnectorExample 2022-08-03T16:04:18Z logger.go:66:                       - authentication = {
TestTerraformConnectorExample 2022-08-03T16:04:18Z logger.go:66:                           - bearer = {
TestTerraformConnectorExample 2022-08-03T16:04:18Z logger.go:66:                               - directoryPathInContainer = null
TestTerraformConnectorExample 2022-08-03T16:04:18Z logger.go:66:                               - secretRef                = null
TestTerraformConnectorExample 2022-08-03T16:04:18Z logger.go:66:                             }
TestTerraformConnectorExample 2022-08-03T16:04:18Z logger.go:66:                           - type   = null
TestTerraformConnectorExample 2022-08-03T16:04:18Z logger.go:66:                         }
TestTerraformConnectorExample 2022-08-03T16:04:18Z logger.go:66:                       - endpoint       = null
TestTerraformConnectorExample 2022-08-03T16:04:18Z logger.go:66:                       - tls            = {
TestTerraformConnectorExample 2022-08-03T16:04:18Z logger.go:66:                           - directoryPathInContainer = null
TestTerraformConnectorExample 2022-08-03T16:04:18Z logger.go:66:                           - enabled                  = null
TestTerraformConnectorExample 2022-08-03T16:04:18Z logger.go:66:                           - ignoreTrustStoreConfig   = null
TestTerraformConnectorExample 2022-08-03T16:04:18Z logger.go:66:                           - jksPassword              = {
TestTerraformConnectorExample 2022-08-03T16:04:18Z logger.go:66:                               - secretRef = null
TestTerraformConnectorExample 2022-08-03T16:04:18Z logger.go:66:                             }
TestTerraformConnectorExample 2022-08-03T16:04:18Z logger.go:66:                           - secretRef                = null
TestTerraformConnectorExample 2022-08-03T16:04:18Z logger.go:66:                         }
TestTerraformConnectorExample 2022-08-03T16:04:18Z logger.go:66:                       - tokenKeyPair   = {
TestTerraformConnectorExample 2022-08-03T16:04:18Z logger.go:66:                           - directoryPathInContainer = null
TestTerraformConnectorExample 2022-08-03T16:04:18Z logger.go:66:                           - secretRef                = null
TestTerraformConnectorExample 2022-08-03T16:04:18Z logger.go:66:                         }
TestTerraformConnectorExample 2022-08-03T16:04:18Z logger.go:66:                     }
TestTerraformConnectorExample 2022-08-03T16:04:18Z logger.go:66:                   - producer       = {
TestTerraformConnectorExample 2022-08-03T16:04:18Z logger.go:66:                       - authentication    = {
TestTerraformConnectorExample 2022-08-03T16:04:18Z logger.go:66:                           - jaasConfig            = {
TestTerraformConnectorExample 2022-08-03T16:04:18Z logger.go:66:                               - secretRef = null
TestTerraformConnectorExample 2022-08-03T16:04:18Z logger.go:66:                             }
TestTerraformConnectorExample 2022-08-03T16:04:18Z logger.go:66:                           - jaasConfigPassThrough = {
TestTerraformConnectorExample 2022-08-03T16:04:18Z logger.go:66:                               - directoryPathInContainer = null
TestTerraformConnectorExample 2022-08-03T16:04:18Z logger.go:66:                               - secretRef                = null
TestTerraformConnectorExample 2022-08-03T16:04:18Z logger.go:66:                             }
TestTerraformConnectorExample 2022-08-03T16:04:18Z logger.go:66:                           - oauthbearer           = {
TestTerraformConnectorExample 2022-08-03T16:04:18Z logger.go:66:                               - directoryPathInContainer = null
TestTerraformConnectorExample 2022-08-03T16:04:18Z logger.go:66:                               - secretRef                = null
TestTerraformConnectorExample 2022-08-03T16:04:18Z logger.go:66:                             }
TestTerraformConnectorExample 2022-08-03T16:04:18Z logger.go:66:                           - type                  = null
TestTerraformConnectorExample 2022-08-03T16:04:18Z logger.go:66:                         }
TestTerraformConnectorExample 2022-08-03T16:04:18Z logger.go:66:                       - bootstrapEndpoint = null
TestTerraformConnectorExample 2022-08-03T16:04:18Z logger.go:66:                       - discovery         = {
TestTerraformConnectorExample 2022-08-03T16:04:18Z logger.go:66:                           - name      = null
TestTerraformConnectorExample 2022-08-03T16:04:18Z logger.go:66:                           - namespace = null
TestTerraformConnectorExample 2022-08-03T16:04:18Z logger.go:66:                           - secretRef = null
TestTerraformConnectorExample 2022-08-03T16:04:18Z logger.go:66:                         }
TestTerraformConnectorExample 2022-08-03T16:04:18Z logger.go:66:                       - tls               = {
TestTerraformConnectorExample 2022-08-03T16:04:18Z logger.go:66:                           - directoryPathInContainer = null
TestTerraformConnectorExample 2022-08-03T16:04:18Z logger.go:66:                           - enabled                  = null
TestTerraformConnectorExample 2022-08-03T16:04:18Z logger.go:66:                           - ignoreTrustStoreConfig   = null
TestTerraformConnectorExample 2022-08-03T16:04:18Z logger.go:66:                           - jksPassword              = {
TestTerraformConnectorExample 2022-08-03T16:04:18Z logger.go:66:                               - secretRef = null
TestTerraformConnectorExample 2022-08-03T16:04:18Z logger.go:66:                             }
TestTerraformConnectorExample 2022-08-03T16:04:18Z logger.go:66:                           - secretRef                = null
TestTerraformConnectorExample 2022-08-03T16:04:18Z logger.go:66:                         }
TestTerraformConnectorExample 2022-08-03T16:04:18Z logger.go:66:                     }
TestTerraformConnectorExample 2022-08-03T16:04:18Z logger.go:66:                   - schemaRegistry = {
TestTerraformConnectorExample 2022-08-03T16:04:18Z logger.go:66:                       - authentication = {
TestTerraformConnectorExample 2022-08-03T16:04:18Z logger.go:66:                           - basic = {
TestTerraformConnectorExample 2022-08-03T16:04:18Z logger.go:66:                               - debug                    = null
TestTerraformConnectorExample 2022-08-03T16:04:18Z logger.go:66:                               - directoryPathInContainer = null
TestTerraformConnectorExample 2022-08-03T16:04:18Z logger.go:66:                               - restrictedRoles          = null
TestTerraformConnectorExample 2022-08-03T16:04:18Z logger.go:66:                               - roles                    = null
TestTerraformConnectorExample 2022-08-03T16:04:18Z logger.go:66:                               - secretRef                = null
TestTerraformConnectorExample 2022-08-03T16:04:18Z logger.go:66:                             }
TestTerraformConnectorExample 2022-08-03T16:04:18Z logger.go:66:                           - type  = null
TestTerraformConnectorExample 2022-08-03T16:04:18Z logger.go:66:                         }
TestTerraformConnectorExample 2022-08-03T16:04:18Z logger.go:66:                       - tls            = {
TestTerraformConnectorExample 2022-08-03T16:04:18Z logger.go:66:                           - directoryPathInContainer = null
TestTerraformConnectorExample 2022-08-03T16:04:18Z logger.go:66:                           - enabled                  = null
TestTerraformConnectorExample 2022-08-03T16:04:18Z logger.go:66:                           - ignoreTrustStoreConfig   = null
TestTerraformConnectorExample 2022-08-03T16:04:18Z logger.go:66:                           - jksPassword              = {
TestTerraformConnectorExample 2022-08-03T16:04:18Z logger.go:66:                               - secretRef = null
TestTerraformConnectorExample 2022-08-03T16:04:18Z logger.go:66:                             }
TestTerraformConnectorExample 2022-08-03T16:04:18Z logger.go:66:                           - secretRef                = null
TestTerraformConnectorExample 2022-08-03T16:04:18Z logger.go:66:                         }
TestTerraformConnectorExample 2022-08-03T16:04:18Z logger.go:66:                       - url            = null
TestTerraformConnectorExample 2022-08-03T16:04:18Z logger.go:66:                     }
TestTerraformConnectorExample 2022-08-03T16:04:18Z logger.go:66:                 }
TestTerraformConnectorExample 2022-08-03T16:04:18Z logger.go:66:               - enableSchemas                  = null
TestTerraformConnectorExample 2022-08-03T16:04:18Z logger.go:66:               - externalAccess                 = {
TestTerraformConnectorExample 2022-08-03T16:04:18Z logger.go:66:                   - loadBalancer = {
TestTerraformConnectorExample 2022-08-03T16:04:18Z logger.go:66:                       - advertisedURL            = {
TestTerraformConnectorExample 2022-08-03T16:04:18Z logger.go:66:                           - enabled = null
TestTerraformConnectorExample 2022-08-03T16:04:18Z logger.go:66:                           - prefix  = null
TestTerraformConnectorExample 2022-08-03T16:04:18Z logger.go:66:                         }
TestTerraformConnectorExample 2022-08-03T16:04:18Z logger.go:66:                       - annotations              = null
TestTerraformConnectorExample 2022-08-03T16:04:18Z logger.go:66:                       - domain                   = null
TestTerraformConnectorExample 2022-08-03T16:04:18Z logger.go:66:                       - externalTrafficPolicy    = null
TestTerraformConnectorExample 2022-08-03T16:04:18Z logger.go:66:                       - labels                   = null
TestTerraformConnectorExample 2022-08-03T16:04:18Z logger.go:66:                       - loadBalancerSourceRanges = null
TestTerraformConnectorExample 2022-08-03T16:04:18Z logger.go:66:                       - port                     = null
TestTerraformConnectorExample 2022-08-03T16:04:18Z logger.go:66:                       - prefix                   = null
TestTerraformConnectorExample 2022-08-03T16:04:18Z logger.go:66:                       - servicePorts             = null
TestTerraformConnectorExample 2022-08-03T16:04:18Z logger.go:66:                       - sessionAffinity          = null
TestTerraformConnectorExample 2022-08-03T16:04:18Z logger.go:66:                       - sessionAffinityConfig    = {
TestTerraformConnectorExample 2022-08-03T16:04:18Z logger.go:66:                           - clientIP = {
TestTerraformConnectorExample 2022-08-03T16:04:18Z logger.go:66:                               - timeoutSeconds = null
TestTerraformConnectorExample 2022-08-03T16:04:18Z logger.go:66:                             }
TestTerraformConnectorExample 2022-08-03T16:04:18Z logger.go:66:                         }
TestTerraformConnectorExample 2022-08-03T16:04:18Z logger.go:66:                     }
TestTerraformConnectorExample 2022-08-03T16:04:18Z logger.go:66:                   - nodePort     = {
TestTerraformConnectorExample 2022-08-03T16:04:18Z logger.go:66:                       - advertisedURL         = {
TestTerraformConnectorExample 2022-08-03T16:04:18Z logger.go:66:                           - enabled = null
TestTerraformConnectorExample 2022-08-03T16:04:18Z logger.go:66:                           - prefix  = null
TestTerraformConnectorExample 2022-08-03T16:04:18Z logger.go:66:                         }
TestTerraformConnectorExample 2022-08-03T16:04:18Z logger.go:66:                       - annotations           = null
TestTerraformConnectorExample 2022-08-03T16:04:18Z logger.go:66:                       - externalTrafficPolicy = null
TestTerraformConnectorExample 2022-08-03T16:04:18Z logger.go:66:                       - host                  = null
TestTerraformConnectorExample 2022-08-03T16:04:18Z logger.go:66:                       - labels                = null
TestTerraformConnectorExample 2022-08-03T16:04:18Z logger.go:66:                       - nodePortOffset        = null
TestTerraformConnectorExample 2022-08-03T16:04:18Z logger.go:66:                       - servicePorts          = null
TestTerraformConnectorExample 2022-08-03T16:04:18Z logger.go:66:                       - sessionAffinity       = null
TestTerraformConnectorExample 2022-08-03T16:04:18Z logger.go:66:                       - sessionAffinityConfig = {
TestTerraformConnectorExample 2022-08-03T16:04:18Z logger.go:66:                           - clientIP = {
TestTerraformConnectorExample 2022-08-03T16:04:18Z logger.go:66:                               - timeoutSeconds = null
TestTerraformConnectorExample 2022-08-03T16:04:18Z logger.go:66:                             }
TestTerraformConnectorExample 2022-08-03T16:04:18Z logger.go:66:                         }
TestTerraformConnectorExample 2022-08-03T16:04:18Z logger.go:66:                     }
TestTerraformConnectorExample 2022-08-03T16:04:18Z logger.go:66:                   - route        = {
TestTerraformConnectorExample 2022-08-03T16:04:18Z logger.go:66:                       - annotations    = null
TestTerraformConnectorExample 2022-08-03T16:04:18Z logger.go:66:                       - domain         = null
TestTerraformConnectorExample 2022-08-03T16:04:18Z logger.go:66:                       - labels         = null
TestTerraformConnectorExample 2022-08-03T16:04:18Z logger.go:66:                       - prefix         = null
TestTerraformConnectorExample 2022-08-03T16:04:18Z logger.go:66:                       - wildcardPolicy = null
TestTerraformConnectorExample 2022-08-03T16:04:18Z logger.go:66:                     }
TestTerraformConnectorExample 2022-08-03T16:04:18Z logger.go:66:                   - type         = null
TestTerraformConnectorExample 2022-08-03T16:04:18Z logger.go:66:                 }
TestTerraformConnectorExample 2022-08-03T16:04:18Z logger.go:66:               - headlessService                = {
TestTerraformConnectorExample 2022-08-03T16:04:18Z logger.go:66:                   - annotations              = null
TestTerraformConnectorExample 2022-08-03T16:04:18Z logger.go:66:                   - labels                   = null
TestTerraformConnectorExample 2022-08-03T16:04:18Z logger.go:66:                   - publishNotReadyAddresses = null
TestTerraformConnectorExample 2022-08-03T16:04:18Z logger.go:66:                 }
TestTerraformConnectorExample 2022-08-03T16:04:18Z logger.go:66:               - image                          = {
TestTerraformConnectorExample 2022-08-03T16:04:18Z logger.go:66:                   - application   = "confluentinc/cp-server-connect:7.2.0"
TestTerraformConnectorExample 2022-08-03T16:04:18Z logger.go:66:                   - init          = "confluentinc/confluent-init-container:2.4.0"
TestTerraformConnectorExample 2022-08-03T16:04:18Z logger.go:66:                   - pullPolicy    = null
TestTerraformConnectorExample 2022-08-03T16:04:18Z logger.go:66:                   - pullSecretRef = null
TestTerraformConnectorExample 2022-08-03T16:04:18Z logger.go:66:                 }
TestTerraformConnectorExample 2022-08-03T16:04:18Z logger.go:66:               - injectAnnotations              = null
TestTerraformConnectorExample 2022-08-03T16:04:18Z logger.go:66:               - injectLabels                   = null
TestTerraformConnectorExample 2022-08-03T16:04:18Z logger.go:66:               - internalTopicReplicationFactor = null
TestTerraformConnectorExample 2022-08-03T16:04:18Z logger.go:66:               - k8sClusterDomain               = null
TestTerraformConnectorExample 2022-08-03T16:04:18Z logger.go:66:               - keyConverterType               = null
TestTerraformConnectorExample 2022-08-03T16:04:18Z logger.go:66:               - license                        = {
TestTerraformConnectorExample 2022-08-03T16:04:18Z logger.go:66:                   - directoryPathInContainer = null
TestTerraformConnectorExample 2022-08-03T16:04:18Z logger.go:66:                   - globalLicense            = null
TestTerraformConnectorExample 2022-08-03T16:04:18Z logger.go:66:                   - secretRef                = null
TestTerraformConnectorExample 2022-08-03T16:04:18Z logger.go:66:                 }
TestTerraformConnectorExample 2022-08-03T16:04:18Z logger.go:66:               - metrics                        = {
TestTerraformConnectorExample 2022-08-03T16:04:18Z logger.go:66:                   - authentication = {
TestTerraformConnectorExample 2022-08-03T16:04:18Z logger.go:66:                       - type = null
TestTerraformConnectorExample 2022-08-03T16:04:18Z logger.go:66:                     }
TestTerraformConnectorExample 2022-08-03T16:04:18Z logger.go:66:                   - prometheus     = {
TestTerraformConnectorExample 2022-08-03T16:04:18Z logger.go:66:                       - blacklist = null
TestTerraformConnectorExample 2022-08-03T16:04:18Z logger.go:66:                       - rules     = null
TestTerraformConnectorExample 2022-08-03T16:04:18Z logger.go:66:                       - whitelist = null
TestTerraformConnectorExample 2022-08-03T16:04:18Z logger.go:66:                     }
TestTerraformConnectorExample 2022-08-03T16:04:18Z logger.go:66:                   - tls            = {
TestTerraformConnectorExample 2022-08-03T16:04:18Z logger.go:66:                       - directoryPathInContainer = null
TestTerraformConnectorExample 2022-08-03T16:04:18Z logger.go:66:                       - enabled                  = null
TestTerraformConnectorExample 2022-08-03T16:04:18Z logger.go:66:                       - ignoreTrustStoreConfig   = null
TestTerraformConnectorExample 2022-08-03T16:04:18Z logger.go:66:                       - jksPassword              = {
TestTerraformConnectorExample 2022-08-03T16:04:18Z logger.go:66:                           - secretRef = null
TestTerraformConnectorExample 2022-08-03T16:04:18Z logger.go:66:                         }
TestTerraformConnectorExample 2022-08-03T16:04:18Z logger.go:66:                       - secretRef                = null
TestTerraformConnectorExample 2022-08-03T16:04:18Z logger.go:66:                     }
TestTerraformConnectorExample 2022-08-03T16:04:18Z logger.go:66:                 }
TestTerraformConnectorExample 2022-08-03T16:04:18Z logger.go:66:               - mountedSecrets                 = null
TestTerraformConnectorExample 2022-08-03T16:04:18Z logger.go:66:               - mountedVolumes                 = {
TestTerraformConnectorExample 2022-08-03T16:04:18Z logger.go:66:                   - volumeMounts = null
TestTerraformConnectorExample 2022-08-03T16:04:18Z logger.go:66:                   - volumes      = null
TestTerraformConnectorExample 2022-08-03T16:04:18Z logger.go:66:                 }
TestTerraformConnectorExample 2022-08-03T16:04:18Z logger.go:66:               - oneReplicaPerNode              = null
TestTerraformConnectorExample 2022-08-03T16:04:18Z logger.go:66:               - podTemplate                    = {
TestTerraformConnectorExample 2022-08-03T16:04:18Z logger.go:66:                   - affinity                      = {
TestTerraformConnectorExample 2022-08-03T16:04:18Z logger.go:66:                       - nodeAffinity    = {
TestTerraformConnectorExample 2022-08-03T16:04:18Z logger.go:66:                           - preferredDuringSchedulingIgnoredDuringExecution = null
TestTerraformConnectorExample 2022-08-03T16:04:18Z logger.go:66:                           - requiredDuringSchedulingIgnoredDuringExecution  = {
TestTerraformConnectorExample 2022-08-03T16:04:18Z logger.go:66:                               - nodeSelectorTerms = null
TestTerraformConnectorExample 2022-08-03T16:04:18Z logger.go:66:                             }
TestTerraformConnectorExample 2022-08-03T16:04:18Z logger.go:66:                         }
TestTerraformConnectorExample 2022-08-03T16:04:18Z logger.go:66:                       - podAffinity     = {
TestTerraformConnectorExample 2022-08-03T16:04:18Z logger.go:66:                           - preferredDuringSchedulingIgnoredDuringExecution = null
TestTerraformConnectorExample 2022-08-03T16:04:18Z logger.go:66:                           - requiredDuringSchedulingIgnoredDuringExecution  = null
TestTerraformConnectorExample 2022-08-03T16:04:18Z logger.go:66:                         }
TestTerraformConnectorExample 2022-08-03T16:04:18Z logger.go:66:                       - podAntiAffinity = {
TestTerraformConnectorExample 2022-08-03T16:04:18Z logger.go:66:                           - preferredDuringSchedulingIgnoredDuringExecution = null
TestTerraformConnectorExample 2022-08-03T16:04:18Z logger.go:66:                           - requiredDuringSchedulingIgnoredDuringExecution  = null
TestTerraformConnectorExample 2022-08-03T16:04:18Z logger.go:66:                         }
TestTerraformConnectorExample 2022-08-03T16:04:18Z logger.go:66:                     }
TestTerraformConnectorExample 2022-08-03T16:04:18Z logger.go:66:                   - annotations                   = null
TestTerraformConnectorExample 2022-08-03T16:04:18Z logger.go:66:                   - envVars                       = null
TestTerraformConnectorExample 2022-08-03T16:04:18Z logger.go:66:                   - labels                        = null
TestTerraformConnectorExample 2022-08-03T16:04:18Z logger.go:66:                   - podSecurityContext            = {
TestTerraformConnectorExample 2022-08-03T16:04:18Z logger.go:66:                       - fsGroup             = null
TestTerraformConnectorExample 2022-08-03T16:04:18Z logger.go:66:                       - fsGroupChangePolicy = null
TestTerraformConnectorExample 2022-08-03T16:04:18Z logger.go:66:                       - runAsGroup          = null
TestTerraformConnectorExample 2022-08-03T16:04:18Z logger.go:66:                       - runAsNonRoot        = null
TestTerraformConnectorExample 2022-08-03T16:04:18Z logger.go:66:                       - runAsUser           = null
TestTerraformConnectorExample 2022-08-03T16:04:18Z logger.go:66:                       - seLinuxOptions      = {
TestTerraformConnectorExample 2022-08-03T16:04:18Z logger.go:66:                           - level = null
TestTerraformConnectorExample 2022-08-03T16:04:18Z logger.go:66:                           - role  = null
TestTerraformConnectorExample 2022-08-03T16:04:18Z logger.go:66:                           - type  = null
TestTerraformConnectorExample 2022-08-03T16:04:18Z logger.go:66:                           - user  = null
TestTerraformConnectorExample 2022-08-03T16:04:18Z logger.go:66:                         }
TestTerraformConnectorExample 2022-08-03T16:04:18Z logger.go:66:                       - seccompProfile      = {
TestTerraformConnectorExample 2022-08-03T16:04:18Z logger.go:66:                           - localhostProfile = null
TestTerraformConnectorExample 2022-08-03T16:04:18Z logger.go:66:                           - type             = null
TestTerraformConnectorExample 2022-08-03T16:04:18Z logger.go:66:                         }
TestTerraformConnectorExample 2022-08-03T16:04:18Z logger.go:66:                       - supplementalGroups  = null
TestTerraformConnectorExample 2022-08-03T16:04:18Z logger.go:66:                       - sysctls             = null
TestTerraformConnectorExample 2022-08-03T16:04:18Z logger.go:66:                       - windowsOptions      = {
TestTerraformConnectorExample 2022-08-03T16:04:18Z logger.go:66:                           - gmsaCredentialSpec     = null
TestTerraformConnectorExample 2022-08-03T16:04:18Z logger.go:66:                           - gmsaCredentialSpecName = null
TestTerraformConnectorExample 2022-08-03T16:04:18Z logger.go:66:                           - hostProcess            = null
TestTerraformConnectorExample 2022-08-03T16:04:18Z logger.go:66:                           - runAsUserName          = null
TestTerraformConnectorExample 2022-08-03T16:04:18Z logger.go:66:                         }
TestTerraformConnectorExample 2022-08-03T16:04:18Z logger.go:66:                     }
TestTerraformConnectorExample 2022-08-03T16:04:18Z logger.go:66:                   - priorityClassName             = null
TestTerraformConnectorExample 2022-08-03T16:04:18Z logger.go:66:                   - probe                         = {
TestTerraformConnectorExample 2022-08-03T16:04:18Z logger.go:66:                       - liveness  = {
TestTerraformConnectorExample 2022-08-03T16:04:18Z logger.go:66:                           - failureThreshold    = null
TestTerraformConnectorExample 2022-08-03T16:04:18Z logger.go:66:                           - initialDelaySeconds = null
TestTerraformConnectorExample 2022-08-03T16:04:18Z logger.go:66:                           - periodSeconds       = null
TestTerraformConnectorExample 2022-08-03T16:04:18Z logger.go:66:                           - successThreshold    = null
TestTerraformConnectorExample 2022-08-03T16:04:18Z logger.go:66:                           - timeoutSeconds      = null
TestTerraformConnectorExample 2022-08-03T16:04:18Z logger.go:66:                         }
TestTerraformConnectorExample 2022-08-03T16:04:18Z logger.go:66:                       - readiness = {
TestTerraformConnectorExample 2022-08-03T16:04:18Z logger.go:66:                           - failureThreshold    = null
TestTerraformConnectorExample 2022-08-03T16:04:18Z logger.go:66:                           - initialDelaySeconds = null
TestTerraformConnectorExample 2022-08-03T16:04:18Z logger.go:66:                           - periodSeconds       = null
TestTerraformConnectorExample 2022-08-03T16:04:18Z logger.go:66:                           - successThreshold    = null
TestTerraformConnectorExample 2022-08-03T16:04:18Z logger.go:66:                           - timeoutSeconds      = null
TestTerraformConnectorExample 2022-08-03T16:04:18Z logger.go:66:                         }
TestTerraformConnectorExample 2022-08-03T16:04:18Z logger.go:66:                     }
TestTerraformConnectorExample 2022-08-03T16:04:18Z logger.go:66:                   - resources                     = {
TestTerraformConnectorExample 2022-08-03T16:04:18Z logger.go:66:                       - limits   = null
TestTerraformConnectorExample 2022-08-03T16:04:18Z logger.go:66:                       - requests = null
TestTerraformConnectorExample 2022-08-03T16:04:18Z logger.go:66:                     }
TestTerraformConnectorExample 2022-08-03T16:04:18Z logger.go:66:                   - securityContext               = {
TestTerraformConnectorExample 2022-08-03T16:04:18Z logger.go:66:                       - allowPrivilegeEscalation = null
TestTerraformConnectorExample 2022-08-03T16:04:18Z logger.go:66:                       - capabilities             = {
TestTerraformConnectorExample 2022-08-03T16:04:18Z logger.go:66:                           - add  = null
TestTerraformConnectorExample 2022-08-03T16:04:18Z logger.go:66:                           - drop = null
TestTerraformConnectorExample 2022-08-03T16:04:18Z logger.go:66:                         }
TestTerraformConnectorExample 2022-08-03T16:04:18Z logger.go:66:                       - privileged               = null
TestTerraformConnectorExample 2022-08-03T16:04:18Z logger.go:66:                       - procMount                = null
TestTerraformConnectorExample 2022-08-03T16:04:18Z logger.go:66:                       - readOnlyRootFilesystem   = null
TestTerraformConnectorExample 2022-08-03T16:04:18Z logger.go:66:                       - runAsGroup               = null
TestTerraformConnectorExample 2022-08-03T16:04:18Z logger.go:66:                       - runAsNonRoot             = null
TestTerraformConnectorExample 2022-08-03T16:04:18Z logger.go:66:                       - runAsUser                = null
TestTerraformConnectorExample 2022-08-03T16:04:18Z logger.go:66:                       - seLinuxOptions           = {
TestTerraformConnectorExample 2022-08-03T16:04:18Z logger.go:66:                           - level = null
TestTerraformConnectorExample 2022-08-03T16:04:18Z logger.go:66:                           - role  = null
TestTerraformConnectorExample 2022-08-03T16:04:18Z logger.go:66:                           - type  = null
TestTerraformConnectorExample 2022-08-03T16:04:18Z logger.go:66:                           - user  = null
TestTerraformConnectorExample 2022-08-03T16:04:18Z logger.go:66:                         }
TestTerraformConnectorExample 2022-08-03T16:04:18Z logger.go:66:                       - seccompProfile           = {
TestTerraformConnectorExample 2022-08-03T16:04:18Z logger.go:66:                           - localhostProfile = null
TestTerraformConnectorExample 2022-08-03T16:04:18Z logger.go:66:                           - type             = null
TestTerraformConnectorExample 2022-08-03T16:04:18Z logger.go:66:                         }
TestTerraformConnectorExample 2022-08-03T16:04:18Z logger.go:66:                       - windowsOptions           = {
TestTerraformConnectorExample 2022-08-03T16:04:18Z logger.go:66:                           - gmsaCredentialSpec     = null
TestTerraformConnectorExample 2022-08-03T16:04:18Z logger.go:66:                           - gmsaCredentialSpecName = null
TestTerraformConnectorExample 2022-08-03T16:04:18Z logger.go:66:                           - hostProcess            = null
TestTerraformConnectorExample 2022-08-03T16:04:18Z logger.go:66:                           - runAsUserName          = null
TestTerraformConnectorExample 2022-08-03T16:04:18Z logger.go:66:                         }
TestTerraformConnectorExample 2022-08-03T16:04:18Z logger.go:66:                     }
TestTerraformConnectorExample 2022-08-03T16:04:18Z logger.go:66:                   - serviceAccountName            = null
TestTerraformConnectorExample 2022-08-03T16:04:18Z logger.go:66:                   - terminationGracePeriodSeconds = null
TestTerraformConnectorExample 2022-08-03T16:04:18Z logger.go:66:                   - tolerations                   = null
TestTerraformConnectorExample 2022-08-03T16:04:18Z logger.go:66:                   - topologySpreadConstraints     = null
TestTerraformConnectorExample 2022-08-03T16:04:18Z logger.go:66:                 }
TestTerraformConnectorExample 2022-08-03T16:04:18Z logger.go:66:               - replicas                       = 1
TestTerraformConnectorExample 2022-08-03T16:04:18Z logger.go:66:               - telemetry                      = {
TestTerraformConnectorExample 2022-08-03T16:04:18Z logger.go:66:                   - global = null
TestTerraformConnectorExample 2022-08-03T16:04:18Z logger.go:66:                 }
TestTerraformConnectorExample 2022-08-03T16:04:18Z logger.go:66:               - tls                            = {
TestTerraformConnectorExample 2022-08-03T16:04:18Z logger.go:66:                   - autoGeneratedCerts       = null
TestTerraformConnectorExample 2022-08-03T16:04:18Z logger.go:66:                   - directoryPathInContainer = null
TestTerraformConnectorExample 2022-08-03T16:04:18Z logger.go:66:                   - ignoreTrustStoreConfig   = null
TestTerraformConnectorExample 2022-08-03T16:04:18Z logger.go:66:                   - jksPassword              = {
TestTerraformConnectorExample 2022-08-03T16:04:18Z logger.go:66:                       - secretRef = null
TestTerraformConnectorExample 2022-08-03T16:04:18Z logger.go:66:                     }
TestTerraformConnectorExample 2022-08-03T16:04:18Z logger.go:66:                   - secretRef                = null
TestTerraformConnectorExample 2022-08-03T16:04:18Z logger.go:66:                 }
TestTerraformConnectorExample 2022-08-03T16:04:18Z logger.go:66:               - valueConverterType             = null
TestTerraformConnectorExample 2022-08-03T16:04:18Z logger.go:66:             }
TestTerraformConnectorExample 2022-08-03T16:04:18Z logger.go:66:         } -> null
TestTerraformConnectorExample 2022-08-03T16:04:18Z logger.go:66:
TestTerraformConnectorExample 2022-08-03T16:04:18Z logger.go:66:       - timeouts {
TestTerraformConnectorExample 2022-08-03T16:04:18Z logger.go:66:           - create = "1h" -> null
TestTerraformConnectorExample 2022-08-03T16:04:18Z logger.go:66:           - delete = "10m" -> null
TestTerraformConnectorExample 2022-08-03T16:04:18Z logger.go:66:           - update = "1h" -> null
TestTerraformConnectorExample 2022-08-03T16:04:18Z logger.go:66:         }
TestTerraformConnectorExample 2022-08-03T16:04:18Z logger.go:66:
TestTerraformConnectorExample 2022-08-03T16:04:18Z logger.go:66:       - wait {
TestTerraformConnectorExample 2022-08-03T16:04:18Z logger.go:66:           - fields = {
TestTerraformConnectorExample 2022-08-03T16:04:18Z logger.go:66:               - "status.phase" = "RUNNING"
TestTerraformConnectorExample 2022-08-03T16:04:18Z logger.go:66:             } -> null
TestTerraformConnectorExample 2022-08-03T16:04:18Z logger.go:66:         }
TestTerraformConnectorExample 2022-08-03T16:04:18Z logger.go:66:     }
TestTerraformConnectorExample 2022-08-03T16:04:18Z logger.go:66:
TestTerraformConnectorExample 2022-08-03T16:04:18Z logger.go:66:   # module.confluent_platform.kubernetes_manifest.components["kafka"] will be destroyed
TestTerraformConnectorExample 2022-08-03T16:04:18Z logger.go:66:   - resource "kubernetes_manifest" "components" {
TestTerraformConnectorExample 2022-08-03T16:04:18Z logger.go:66:       - computed_fields = [
TestTerraformConnectorExample 2022-08-03T16:04:18Z logger.go:66:           - "metadata.finalizers",
TestTerraformConnectorExample 2022-08-03T16:04:18Z logger.go:66:         ] -> null
TestTerraformConnectorExample 2022-08-03T16:04:18Z logger.go:66:       - manifest        = {
TestTerraformConnectorExample 2022-08-03T16:04:18Z logger.go:66:           - apiVersion = "platform.confluent.io/v1beta1"
TestTerraformConnectorExample 2022-08-03T16:04:18Z logger.go:66:           - kind       = "Kafka"
TestTerraformConnectorExample 2022-08-03T16:04:18Z logger.go:66:           - metadata   = {
TestTerraformConnectorExample 2022-08-03T16:04:18Z logger.go:66:               - name      = "kafka"
TestTerraformConnectorExample 2022-08-03T16:04:18Z logger.go:66:               - namespace = "confluent"
TestTerraformConnectorExample 2022-08-03T16:04:18Z logger.go:66:             }
TestTerraformConnectorExample 2022-08-03T16:04:18Z logger.go:66:           - spec       = {
TestTerraformConnectorExample 2022-08-03T16:04:18Z logger.go:66:               - dataVolumeCapacity = "10Gi"
TestTerraformConnectorExample 2022-08-03T16:04:18Z logger.go:66:               - image              = {
TestTerraformConnectorExample 2022-08-03T16:04:18Z logger.go:66:                   - application = "confluentinc/cp-server:7.2.0"
TestTerraformConnectorExample 2022-08-03T16:04:18Z logger.go:66:                   - init        = "confluentinc/confluent-init-container:2.4.0"
TestTerraformConnectorExample 2022-08-03T16:04:18Z logger.go:66:                 }
TestTerraformConnectorExample 2022-08-03T16:04:18Z logger.go:66:               - metricReporter     = {
TestTerraformConnectorExample 2022-08-03T16:04:18Z logger.go:66:                   - enabled = true
TestTerraformConnectorExample 2022-08-03T16:04:18Z logger.go:66:                 }
TestTerraformConnectorExample 2022-08-03T16:04:18Z logger.go:66:               - replicas           = 3
TestTerraformConnectorExample 2022-08-03T16:04:18Z logger.go:66:             }
TestTerraformConnectorExample 2022-08-03T16:04:18Z logger.go:66:         } -> null
TestTerraformConnectorExample 2022-08-03T16:04:18Z logger.go:66:       - object          = {
TestTerraformConnectorExample 2022-08-03T16:04:18Z logger.go:66:           - apiVersion = "platform.confluent.io/v1beta1"
TestTerraformConnectorExample 2022-08-03T16:04:18Z logger.go:66:           - kind       = "Kafka"
TestTerraformConnectorExample 2022-08-03T16:04:18Z logger.go:66:           - metadata   = {
TestTerraformConnectorExample 2022-08-03T16:04:18Z logger.go:66:               - annotations                = {
TestTerraformConnectorExample 2022-08-03T16:04:18Z logger.go:66:                   - "platform.confluent.io/config-revision-hash"   = "t2bgf92bkh"
TestTerraformConnectorExample 2022-08-03T16:04:18Z logger.go:66:                   - "platform.confluent.io/last-pod-template-hash" = "c5dd99557"
TestTerraformConnectorExample 2022-08-03T16:04:18Z logger.go:66:                 }
TestTerraformConnectorExample 2022-08-03T16:04:18Z logger.go:66:               - clusterName                = null
TestTerraformConnectorExample 2022-08-03T16:04:18Z logger.go:66:               - creationTimestamp          = null
TestTerraformConnectorExample 2022-08-03T16:04:18Z logger.go:66:               - deletionGracePeriodSeconds = null
TestTerraformConnectorExample 2022-08-03T16:04:18Z logger.go:66:               - deletionTimestamp          = null
TestTerraformConnectorExample 2022-08-03T16:04:18Z logger.go:66:               - finalizers                 = [
TestTerraformConnectorExample 2022-08-03T16:04:18Z logger.go:66:                   - "kafka.finalizers.platform.confluent.io",
TestTerraformConnectorExample 2022-08-03T16:04:18Z logger.go:66:                 ]
TestTerraformConnectorExample 2022-08-03T16:04:18Z logger.go:66:               - generateName               = null
TestTerraformConnectorExample 2022-08-03T16:04:18Z logger.go:66:               - generation                 = null
TestTerraformConnectorExample 2022-08-03T16:04:18Z logger.go:66:               - labels                     = null
TestTerraformConnectorExample 2022-08-03T16:04:18Z logger.go:66:               - managedFields              = null
TestTerraformConnectorExample 2022-08-03T16:04:18Z logger.go:66:               - name                       = "kafka"
TestTerraformConnectorExample 2022-08-03T16:04:18Z logger.go:66:               - namespace                  = "confluent"
TestTerraformConnectorExample 2022-08-03T16:04:18Z logger.go:66:               - ownerReferences            = null
TestTerraformConnectorExample 2022-08-03T16:04:18Z logger.go:66:               - resourceVersion            = null
TestTerraformConnectorExample 2022-08-03T16:04:18Z logger.go:66:               - selfLink                   = null
TestTerraformConnectorExample 2022-08-03T16:04:18Z logger.go:66:               - uid                        = null
TestTerraformConnectorExample 2022-08-03T16:04:18Z logger.go:66:             }
TestTerraformConnectorExample 2022-08-03T16:04:18Z logger.go:66:           - spec       = {
TestTerraformConnectorExample 2022-08-03T16:04:18Z logger.go:66:               - authorization      = {
TestTerraformConnectorExample 2022-08-03T16:04:18Z logger.go:66:                   - superUsers = null
TestTerraformConnectorExample 2022-08-03T16:04:18Z logger.go:66:                   - type       = null
TestTerraformConnectorExample 2022-08-03T16:04:18Z logger.go:66:                 }
TestTerraformConnectorExample 2022-08-03T16:04:18Z logger.go:66:               - configOverrides    = {
TestTerraformConnectorExample 2022-08-03T16:04:18Z logger.go:66:                   - jvm    = null
TestTerraformConnectorExample 2022-08-03T16:04:18Z logger.go:66:                   - log4j  = null
TestTerraformConnectorExample 2022-08-03T16:04:18Z logger.go:66:                   - server = null
TestTerraformConnectorExample 2022-08-03T16:04:18Z logger.go:66:                 }
TestTerraformConnectorExample 2022-08-03T16:04:18Z logger.go:66:               - dataVolumeCapacity = "10Gi"
TestTerraformConnectorExample 2022-08-03T16:04:18Z logger.go:66:               - dependencies       = {
TestTerraformConnectorExample 2022-08-03T16:04:18Z logger.go:66:                   - kafkaRest      = {
TestTerraformConnectorExample 2022-08-03T16:04:18Z logger.go:66:                       - authentication    = {
TestTerraformConnectorExample 2022-08-03T16:04:18Z logger.go:66:                           - bearer                = {
TestTerraformConnectorExample 2022-08-03T16:04:18Z logger.go:66:                               - directoryPathInContainer = null
TestTerraformConnectorExample 2022-08-03T16:04:18Z logger.go:66:                               - secretRef                = null
TestTerraformConnectorExample 2022-08-03T16:04:18Z logger.go:66:                             }
TestTerraformConnectorExample 2022-08-03T16:04:18Z logger.go:66:                           - jaasConfig            = {
TestTerraformConnectorExample 2022-08-03T16:04:18Z logger.go:66:                               - secretRef = null
TestTerraformConnectorExample 2022-08-03T16:04:18Z logger.go:66:                             }
TestTerraformConnectorExample 2022-08-03T16:04:18Z logger.go:66:                           - jaasConfigPassThrough = {
TestTerraformConnectorExample 2022-08-03T16:04:18Z logger.go:66:                               - directoryPathInContainer = null
TestTerraformConnectorExample 2022-08-03T16:04:18Z logger.go:66:                               - secretRef                = null
TestTerraformConnectorExample 2022-08-03T16:04:18Z logger.go:66:                             }
TestTerraformConnectorExample 2022-08-03T16:04:18Z logger.go:66:                           - oauthbearer           = {
TestTerraformConnectorExample 2022-08-03T16:04:18Z logger.go:66:                               - directoryPathInContainer = null
TestTerraformConnectorExample 2022-08-03T16:04:18Z logger.go:66:                               - secretRef                = null
TestTerraformConnectorExample 2022-08-03T16:04:18Z logger.go:66:                             }
TestTerraformConnectorExample 2022-08-03T16:04:18Z logger.go:66:                           - type                  = null
TestTerraformConnectorExample 2022-08-03T16:04:18Z logger.go:66:                         }
TestTerraformConnectorExample 2022-08-03T16:04:18Z logger.go:66:                       - bootstrapEndpoint = null
TestTerraformConnectorExample 2022-08-03T16:04:18Z logger.go:66:                       - endpoint          = null
TestTerraformConnectorExample 2022-08-03T16:04:18Z logger.go:66:                       - tls               = {
TestTerraformConnectorExample 2022-08-03T16:04:18Z logger.go:66:                           - directoryPathInContainer = null
TestTerraformConnectorExample 2022-08-03T16:04:18Z logger.go:66:                           - enabled                  = null
TestTerraformConnectorExample 2022-08-03T16:04:18Z logger.go:66:                           - ignoreTrustStoreConfig   = null
TestTerraformConnectorExample 2022-08-03T16:04:18Z logger.go:66:                           - jksPassword              = {
TestTerraformConnectorExample 2022-08-03T16:04:18Z logger.go:66:                               - secretRef = null
TestTerraformConnectorExample 2022-08-03T16:04:18Z logger.go:66:                             }
TestTerraformConnectorExample 2022-08-03T16:04:18Z logger.go:66:                           - secretRef                = null
TestTerraformConnectorExample 2022-08-03T16:04:18Z logger.go:66:                         }
TestTerraformConnectorExample 2022-08-03T16:04:18Z logger.go:66:                     }
TestTerraformConnectorExample 2022-08-03T16:04:18Z logger.go:66:                   - mds            = {
TestTerraformConnectorExample 2022-08-03T16:04:18Z logger.go:66:                       - endpoint     = null
TestTerraformConnectorExample 2022-08-03T16:04:18Z logger.go:66:                       - kafka        = {
TestTerraformConnectorExample 2022-08-03T16:04:18Z logger.go:66:                           - authentication    = {
TestTerraformConnectorExample 2022-08-03T16:04:18Z logger.go:66:                               - jaasConfig            = {
TestTerraformConnectorExample 2022-08-03T16:04:18Z logger.go:66:                                   - secretRef = null
TestTerraformConnectorExample 2022-08-03T16:04:18Z logger.go:66:                                 }
TestTerraformConnectorExample 2022-08-03T16:04:18Z logger.go:66:                               - jaasConfigPassThrough = {
TestTerraformConnectorExample 2022-08-03T16:04:18Z logger.go:66:                                   - directoryPathInContainer = null
TestTerraformConnectorExample 2022-08-03T16:04:18Z logger.go:66:                                   - secretRef                = null
TestTerraformConnectorExample 2022-08-03T16:04:18Z logger.go:66:                                 }
TestTerraformConnectorExample 2022-08-03T16:04:18Z logger.go:66:                               - oauthbearer           = {
TestTerraformConnectorExample 2022-08-03T16:04:18Z logger.go:66:                                   - directoryPathInContainer = null
TestTerraformConnectorExample 2022-08-03T16:04:18Z logger.go:66:                                   - secretRef                = null
TestTerraformConnectorExample 2022-08-03T16:04:18Z logger.go:66:                                 }
TestTerraformConnectorExample 2022-08-03T16:04:18Z logger.go:66:                               - type                  = null
TestTerraformConnectorExample 2022-08-03T16:04:18Z logger.go:66:                             }
TestTerraformConnectorExample 2022-08-03T16:04:18Z logger.go:66:                           - bootstrapEndpoint = null
TestTerraformConnectorExample 2022-08-03T16:04:18Z logger.go:66:                           - discovery         = {
TestTerraformConnectorExample 2022-08-03T16:04:18Z logger.go:66:                               - name      = null
TestTerraformConnectorExample 2022-08-03T16:04:18Z logger.go:66:                               - namespace = null
TestTerraformConnectorExample 2022-08-03T16:04:18Z logger.go:66:                               - secretRef = null
TestTerraformConnectorExample 2022-08-03T16:04:18Z logger.go:66:                             }
TestTerraformConnectorExample 2022-08-03T16:04:18Z logger.go:66:                           - tls               = {
TestTerraformConnectorExample 2022-08-03T16:04:18Z logger.go:66:                               - directoryPathInContainer = null
TestTerraformConnectorExample 2022-08-03T16:04:18Z logger.go:66:                               - enabled                  = null
TestTerraformConnectorExample 2022-08-03T16:04:18Z logger.go:66:                               - ignoreTrustStoreConfig   = null
TestTerraformConnectorExample 2022-08-03T16:04:18Z logger.go:66:                               - jksPassword              = {
TestTerraformConnectorExample 2022-08-03T16:04:18Z logger.go:66:                                   - secretRef = null
TestTerraformConnectorExample 2022-08-03T16:04:18Z logger.go:66:                                 }
TestTerraformConnectorExample 2022-08-03T16:04:18Z logger.go:66:                               - secretRef                = null
TestTerraformConnectorExample 2022-08-03T16:04:18Z logger.go:66:                             }
TestTerraformConnectorExample 2022-08-03T16:04:18Z logger.go:66:                         }
TestTerraformConnectorExample 2022-08-03T16:04:18Z logger.go:66:                       - tls          = {
TestTerraformConnectorExample 2022-08-03T16:04:18Z logger.go:66:                           - directoryPathInContainer = null
TestTerraformConnectorExample 2022-08-03T16:04:18Z logger.go:66:                           - enabled                  = null
TestTerraformConnectorExample 2022-08-03T16:04:18Z logger.go:66:                           - ignoreTrustStoreConfig   = null
TestTerraformConnectorExample 2022-08-03T16:04:18Z logger.go:66:                           - jksPassword              = {
TestTerraformConnectorExample 2022-08-03T16:04:18Z logger.go:66:                               - secretRef = null
TestTerraformConnectorExample 2022-08-03T16:04:18Z logger.go:66:                             }
TestTerraformConnectorExample 2022-08-03T16:04:18Z logger.go:66:                           - secretRef                = null
TestTerraformConnectorExample 2022-08-03T16:04:18Z logger.go:66:                         }
TestTerraformConnectorExample 2022-08-03T16:04:18Z logger.go:66:                       - tokenKeyPair = {
TestTerraformConnectorExample 2022-08-03T16:04:18Z logger.go:66:                           - directoryPathInContainer = null
TestTerraformConnectorExample 2022-08-03T16:04:18Z logger.go:66:                           - secretRef                = null
TestTerraformConnectorExample 2022-08-03T16:04:18Z logger.go:66:                         }
TestTerraformConnectorExample 2022-08-03T16:04:18Z logger.go:66:                     }
TestTerraformConnectorExample 2022-08-03T16:04:18Z logger.go:66:                   - schemaRegistry = {
TestTerraformConnectorExample 2022-08-03T16:04:18Z logger.go:66:                       - authentication = {
TestTerraformConnectorExample 2022-08-03T16:04:18Z logger.go:66:                           - basic = {
TestTerraformConnectorExample 2022-08-03T16:04:18Z logger.go:66:                               - debug                    = null
TestTerraformConnectorExample 2022-08-03T16:04:18Z logger.go:66:                               - directoryPathInContainer = null
TestTerraformConnectorExample 2022-08-03T16:04:18Z logger.go:66:                               - restrictedRoles          = null
TestTerraformConnectorExample 2022-08-03T16:04:18Z logger.go:66:                               - roles                    = null
TestTerraformConnectorExample 2022-08-03T16:04:18Z logger.go:66:                               - secretRef                = null
TestTerraformConnectorExample 2022-08-03T16:04:18Z logger.go:66:                             }
TestTerraformConnectorExample 2022-08-03T16:04:18Z logger.go:66:                           - type  = null
TestTerraformConnectorExample 2022-08-03T16:04:18Z logger.go:66:                         }
TestTerraformConnectorExample 2022-08-03T16:04:18Z logger.go:66:                       - tls            = {
TestTerraformConnectorExample 2022-08-03T16:04:18Z logger.go:66:                           - directoryPathInContainer = null
TestTerraformConnectorExample 2022-08-03T16:04:18Z logger.go:66:                           - enabled                  = null
TestTerraformConnectorExample 2022-08-03T16:04:18Z logger.go:66:                           - ignoreTrustStoreConfig   = null
TestTerraformConnectorExample 2022-08-03T16:04:18Z logger.go:66:                           - jksPassword              = {
TestTerraformConnectorExample 2022-08-03T16:04:18Z logger.go:66:                               - secretRef = null
TestTerraformConnectorExample 2022-08-03T16:04:18Z logger.go:66:                             }
TestTerraformConnectorExample 2022-08-03T16:04:18Z logger.go:66:                           - secretRef                = null
TestTerraformConnectorExample 2022-08-03T16:04:18Z logger.go:66:                         }
TestTerraformConnectorExample 2022-08-03T16:04:18Z logger.go:66:                       - url            = null
TestTerraformConnectorExample 2022-08-03T16:04:18Z logger.go:66:                     }
TestTerraformConnectorExample 2022-08-03T16:04:18Z logger.go:66:                   - zookeeper      = {
TestTerraformConnectorExample 2022-08-03T16:04:18Z logger.go:66:                       - authentication = {
TestTerraformConnectorExample 2022-08-03T16:04:18Z logger.go:66:                           - jaasConfig            = {
TestTerraformConnectorExample 2022-08-03T16:04:18Z logger.go:66:                               - secretRef = null
TestTerraformConnectorExample 2022-08-03T16:04:18Z logger.go:66:                             }
TestTerraformConnectorExample 2022-08-03T16:04:18Z logger.go:66:                           - jaasConfigPassThrough = {
TestTerraformConnectorExample 2022-08-03T16:04:18Z logger.go:66:                               - directoryPathInContainer = null
TestTerraformConnectorExample 2022-08-03T16:04:18Z logger.go:66:                               - secretRef                = null
TestTerraformConnectorExample 2022-08-03T16:04:18Z logger.go:66:                             }
TestTerraformConnectorExample 2022-08-03T16:04:18Z logger.go:66:                           - oauthbearer           = {
TestTerraformConnectorExample 2022-08-03T16:04:18Z logger.go:66:                               - directoryPathInContainer = null
TestTerraformConnectorExample 2022-08-03T16:04:18Z logger.go:66:                               - secretRef                = null
TestTerraformConnectorExample 2022-08-03T16:04:18Z logger.go:66:                             }
TestTerraformConnectorExample 2022-08-03T16:04:18Z logger.go:66:                           - type                  = null
TestTerraformConnectorExample 2022-08-03T16:04:18Z logger.go:66:                         }
TestTerraformConnectorExample 2022-08-03T16:04:18Z logger.go:66:                       - discovery      = {
TestTerraformConnectorExample 2022-08-03T16:04:18Z logger.go:66:                           - name      = null
TestTerraformConnectorExample 2022-08-03T16:04:18Z logger.go:66:                           - namespace = null
TestTerraformConnectorExample 2022-08-03T16:04:18Z logger.go:66:                           - secretRef = null
TestTerraformConnectorExample 2022-08-03T16:04:18Z logger.go:66:                         }
TestTerraformConnectorExample 2022-08-03T16:04:18Z logger.go:66:                       - endpoint       = null
TestTerraformConnectorExample 2022-08-03T16:04:18Z logger.go:66:                       - tls            = {
TestTerraformConnectorExample 2022-08-03T16:04:18Z logger.go:66:                           - directoryPathInContainer = null
TestTerraformConnectorExample 2022-08-03T16:04:18Z logger.go:66:                           - enabled                  = null
TestTerraformConnectorExample 2022-08-03T16:04:18Z logger.go:66:                           - ignoreTrustStoreConfig   = null
TestTerraformConnectorExample 2022-08-03T16:04:18Z logger.go:66:                           - jksPassword              = {
TestTerraformConnectorExample 2022-08-03T16:04:18Z logger.go:66:                               - secretRef = null
TestTerraformConnectorExample 2022-08-03T16:04:18Z logger.go:66:                             }
TestTerraformConnectorExample 2022-08-03T16:04:18Z logger.go:66:                           - secretRef                = null
TestTerraformConnectorExample 2022-08-03T16:04:18Z logger.go:66:                         }
TestTerraformConnectorExample 2022-08-03T16:04:18Z logger.go:66:                     }
TestTerraformConnectorExample 2022-08-03T16:04:18Z logger.go:66:                 }
TestTerraformConnectorExample 2022-08-03T16:04:18Z logger.go:66:               - headlessService    = {
TestTerraformConnectorExample 2022-08-03T16:04:18Z logger.go:66:                   - annotations              = null
TestTerraformConnectorExample 2022-08-03T16:04:18Z logger.go:66:                   - labels                   = null
TestTerraformConnectorExample 2022-08-03T16:04:18Z logger.go:66:                   - publishNotReadyAddresses = null
TestTerraformConnectorExample 2022-08-03T16:04:18Z logger.go:66:                 }
TestTerraformConnectorExample 2022-08-03T16:04:18Z logger.go:66:               - identityProvider   = {
TestTerraformConnectorExample 2022-08-03T16:04:18Z logger.go:66:                   - ldap = {
TestTerraformConnectorExample 2022-08-03T16:04:18Z logger.go:66:                       - address        = null
TestTerraformConnectorExample 2022-08-03T16:04:18Z logger.go:66:                       - authentication = {
TestTerraformConnectorExample 2022-08-03T16:04:18Z logger.go:66:                           - simple = {
TestTerraformConnectorExample 2022-08-03T16:04:18Z logger.go:66:                               - directoryPathInContainer = null
TestTerraformConnectorExample 2022-08-03T16:04:18Z logger.go:66:                               - secretRef                = null
TestTerraformConnectorExample 2022-08-03T16:04:18Z logger.go:66:                             }
TestTerraformConnectorExample 2022-08-03T16:04:18Z logger.go:66:                           - type   = null
TestTerraformConnectorExample 2022-08-03T16:04:18Z logger.go:66:                         }
TestTerraformConnectorExample 2022-08-03T16:04:18Z logger.go:66:                       - configurations = {
TestTerraformConnectorExample 2022-08-03T16:04:18Z logger.go:66:                           - groupMemberAttribute         = null
TestTerraformConnectorExample 2022-08-03T16:04:18Z logger.go:66:                           - groupMemberAttributePattern  = null
TestTerraformConnectorExample 2022-08-03T16:04:18Z logger.go:66:                           - groupNameAttribute           = null
TestTerraformConnectorExample 2022-08-03T16:04:18Z logger.go:66:                           - groupObjectClass             = null
TestTerraformConnectorExample 2022-08-03T16:04:18Z logger.go:66:                           - groupSearchBase              = null
TestTerraformConnectorExample 2022-08-03T16:04:18Z logger.go:66:                           - groupSearchFilter            = null
TestTerraformConnectorExample 2022-08-03T16:04:18Z logger.go:66:                           - groupSearchScope             = null
TestTerraformConnectorExample 2022-08-03T16:04:18Z logger.go:66:                           - userMemberOfAttributePattern = null
TestTerraformConnectorExample 2022-08-03T16:04:18Z logger.go:66:                           - userNameAttribute            = null
TestTerraformConnectorExample 2022-08-03T16:04:18Z logger.go:66:                           - userObjectClass              = null
TestTerraformConnectorExample 2022-08-03T16:04:18Z logger.go:66:                           - userSearchBase               = null
TestTerraformConnectorExample 2022-08-03T16:04:18Z logger.go:66:                           - userSearchFilter             = null
TestTerraformConnectorExample 2022-08-03T16:04:18Z logger.go:66:                           - userSearchScope              = null
TestTerraformConnectorExample 2022-08-03T16:04:18Z logger.go:66:                         }
TestTerraformConnectorExample 2022-08-03T16:04:18Z logger.go:66:                       - tls            = {
TestTerraformConnectorExample 2022-08-03T16:04:18Z logger.go:66:                           - directoryPathInContainer = null
TestTerraformConnectorExample 2022-08-03T16:04:18Z logger.go:66:                           - enabled                  = null
TestTerraformConnectorExample 2022-08-03T16:04:18Z logger.go:66:                           - ignoreTrustStoreConfig   = null
TestTerraformConnectorExample 2022-08-03T16:04:18Z logger.go:66:                           - jksPassword              = {
TestTerraformConnectorExample 2022-08-03T16:04:18Z logger.go:66:                               - secretRef = null
TestTerraformConnectorExample 2022-08-03T16:04:18Z logger.go:66:                             }
TestTerraformConnectorExample 2022-08-03T16:04:18Z logger.go:66:                           - secretRef                = null
TestTerraformConnectorExample 2022-08-03T16:04:18Z logger.go:66:                         }
TestTerraformConnectorExample 2022-08-03T16:04:18Z logger.go:66:                     }
TestTerraformConnectorExample 2022-08-03T16:04:18Z logger.go:66:                   - type = null
TestTerraformConnectorExample 2022-08-03T16:04:18Z logger.go:66:                 }
TestTerraformConnectorExample 2022-08-03T16:04:18Z logger.go:66:               - image              = {
TestTerraformConnectorExample 2022-08-03T16:04:18Z logger.go:66:                   - application   = "confluentinc/cp-server:7.2.0"
TestTerraformConnectorExample 2022-08-03T16:04:18Z logger.go:66:                   - init          = "confluentinc/confluent-init-container:2.4.0"
TestTerraformConnectorExample 2022-08-03T16:04:18Z logger.go:66:                   - pullPolicy    = null
TestTerraformConnectorExample 2022-08-03T16:04:18Z logger.go:66:                   - pullSecretRef = null
TestTerraformConnectorExample 2022-08-03T16:04:18Z logger.go:66:                 }
TestTerraformConnectorExample 2022-08-03T16:04:18Z logger.go:66:               - injectAnnotations  = null
TestTerraformConnectorExample 2022-08-03T16:04:18Z logger.go:66:               - injectLabels       = null
TestTerraformConnectorExample 2022-08-03T16:04:18Z logger.go:66:               - k8sClusterDomain   = null
TestTerraformConnectorExample 2022-08-03T16:04:18Z logger.go:66:               - license            = {
TestTerraformConnectorExample 2022-08-03T16:04:18Z logger.go:66:                   - directoryPathInContainer = null
TestTerraformConnectorExample 2022-08-03T16:04:18Z logger.go:66:                   - globalLicense            = null
TestTerraformConnectorExample 2022-08-03T16:04:18Z logger.go:66:                   - secretRef                = null
TestTerraformConnectorExample 2022-08-03T16:04:18Z logger.go:66:                 }
TestTerraformConnectorExample 2022-08-03T16:04:18Z logger.go:66:               - listeners          = {
TestTerraformConnectorExample 2022-08-03T16:04:18Z logger.go:66:                   - custom   = null
TestTerraformConnectorExample 2022-08-03T16:04:18Z logger.go:66:                   - external = {
TestTerraformConnectorExample 2022-08-03T16:04:18Z logger.go:66:                       - authentication = {
TestTerraformConnectorExample 2022-08-03T16:04:18Z logger.go:66:                           - jaasConfig            = {
TestTerraformConnectorExample 2022-08-03T16:04:18Z logger.go:66:                               - secretRef = null
TestTerraformConnectorExample 2022-08-03T16:04:18Z logger.go:66:                             }
TestTerraformConnectorExample 2022-08-03T16:04:18Z logger.go:66:                           - jaasConfigPassThrough = {
TestTerraformConnectorExample 2022-08-03T16:04:18Z logger.go:66:                               - directoryPathInContainer = null
TestTerraformConnectorExample 2022-08-03T16:04:18Z logger.go:66:                               - secretRef                = null
TestTerraformConnectorExample 2022-08-03T16:04:18Z logger.go:66:                             }
TestTerraformConnectorExample 2022-08-03T16:04:18Z logger.go:66:                           - principalMappingRules = null
TestTerraformConnectorExample 2022-08-03T16:04:18Z logger.go:66:                           - type                  = null
TestTerraformConnectorExample 2022-08-03T16:04:18Z logger.go:66:                         }
TestTerraformConnectorExample 2022-08-03T16:04:18Z logger.go:66:                       - externalAccess = {
TestTerraformConnectorExample 2022-08-03T16:04:18Z logger.go:66:                           - loadBalancer              = {
TestTerraformConnectorExample 2022-08-03T16:04:18Z logger.go:66:                               - advertisedPort           = null
TestTerraformConnectorExample 2022-08-03T16:04:18Z logger.go:66:                               - annotations              = null
TestTerraformConnectorExample 2022-08-03T16:04:18Z logger.go:66:                               - bootstrapPrefix          = null
TestTerraformConnectorExample 2022-08-03T16:04:18Z logger.go:66:                               - brokerPrefix             = null
TestTerraformConnectorExample 2022-08-03T16:04:18Z logger.go:66:                               - domain                   = null
TestTerraformConnectorExample 2022-08-03T16:04:18Z logger.go:66:                               - externalTrafficPolicy    = null
TestTerraformConnectorExample 2022-08-03T16:04:18Z logger.go:66:                               - labels                   = null
TestTerraformConnectorExample 2022-08-03T16:04:18Z logger.go:66:                               - loadBalancerSourceRanges = null
TestTerraformConnectorExample 2022-08-03T16:04:18Z logger.go:66:                               - servicePorts             = null
TestTerraformConnectorExample 2022-08-03T16:04:18Z logger.go:66:                               - sessionAffinity          = null
TestTerraformConnectorExample 2022-08-03T16:04:18Z logger.go:66:                               - sessionAffinityConfig    = {
TestTerraformConnectorExample 2022-08-03T16:04:18Z logger.go:66:                                   - clientIP = {
TestTerraformConnectorExample 2022-08-03T16:04:18Z logger.go:66:                                       - timeoutSeconds = null
TestTerraformConnectorExample 2022-08-03T16:04:18Z logger.go:66:                                     }
TestTerraformConnectorExample 2022-08-03T16:04:18Z logger.go:66:                                 }
TestTerraformConnectorExample 2022-08-03T16:04:18Z logger.go:66:                             }
TestTerraformConnectorExample 2022-08-03T16:04:18Z logger.go:66:                           - nodePort                  = {
TestTerraformConnectorExample 2022-08-03T16:04:18Z logger.go:66:                               - advertisedURL         = {
TestTerraformConnectorExample 2022-08-03T16:04:18Z logger.go:66:                                   - enabled = null
TestTerraformConnectorExample 2022-08-03T16:04:18Z logger.go:66:                                   - prefix  = null
TestTerraformConnectorExample 2022-08-03T16:04:18Z logger.go:66:                                 }
TestTerraformConnectorExample 2022-08-03T16:04:18Z logger.go:66:                               - annotations           = null
TestTerraformConnectorExample 2022-08-03T16:04:18Z logger.go:66:                               - externalTrafficPolicy = null
TestTerraformConnectorExample 2022-08-03T16:04:18Z logger.go:66:                               - host                  = null
TestTerraformConnectorExample 2022-08-03T16:04:18Z logger.go:66:                               - labels                = null
TestTerraformConnectorExample 2022-08-03T16:04:18Z logger.go:66:                               - nodePortOffset        = null
TestTerraformConnectorExample 2022-08-03T16:04:18Z logger.go:66:                               - servicePorts          = null
TestTerraformConnectorExample 2022-08-03T16:04:18Z logger.go:66:                               - sessionAffinity       = null
TestTerraformConnectorExample 2022-08-03T16:04:18Z logger.go:66:                               - sessionAffinityConfig = {
TestTerraformConnectorExample 2022-08-03T16:04:18Z logger.go:66:                                   - clientIP = {
TestTerraformConnectorExample 2022-08-03T16:04:18Z logger.go:66:                                       - timeoutSeconds = null
TestTerraformConnectorExample 2022-08-03T16:04:18Z logger.go:66:                                     }
TestTerraformConnectorExample 2022-08-03T16:04:18Z logger.go:66:                                 }
TestTerraformConnectorExample 2022-08-03T16:04:18Z logger.go:66:                             }
TestTerraformConnectorExample 2022-08-03T16:04:18Z logger.go:66:                           - route                     = {
TestTerraformConnectorExample 2022-08-03T16:04:18Z logger.go:66:                               - annotations     = null
TestTerraformConnectorExample 2022-08-03T16:04:18Z logger.go:66:                               - bootstrapPrefix = null
TestTerraformConnectorExample 2022-08-03T16:04:18Z logger.go:66:                               - brokerPrefix    = null
TestTerraformConnectorExample 2022-08-03T16:04:18Z logger.go:66:                               - domain          = null
TestTerraformConnectorExample 2022-08-03T16:04:18Z logger.go:66:                               - labels          = null
TestTerraformConnectorExample 2022-08-03T16:04:18Z logger.go:66:                               - wildcardPolicy  = null
TestTerraformConnectorExample 2022-08-03T16:04:18Z logger.go:66:                             }
TestTerraformConnectorExample 2022-08-03T16:04:18Z logger.go:66:                           - staticForHostBasedRouting = {
TestTerraformConnectorExample 2022-08-03T16:04:18Z logger.go:66:                               - brokerPrefix = null
TestTerraformConnectorExample 2022-08-03T16:04:18Z logger.go:66:                               - domain       = null
TestTerraformConnectorExample 2022-08-03T16:04:18Z logger.go:66:                               - port         = null
TestTerraformConnectorExample 2022-08-03T16:04:18Z logger.go:66:                             }
TestTerraformConnectorExample 2022-08-03T16:04:18Z logger.go:66:                           - staticForPortBasedRouting = {
TestTerraformConnectorExample 2022-08-03T16:04:18Z logger.go:66:                               - host       = null
TestTerraformConnectorExample 2022-08-03T16:04:18Z logger.go:66:                               - portOffset = null
TestTerraformConnectorExample 2022-08-03T16:04:18Z logger.go:66:                             }
TestTerraformConnectorExample 2022-08-03T16:04:18Z logger.go:66:                           - type                      = null
TestTerraformConnectorExample 2022-08-03T16:04:18Z logger.go:66:                         }
TestTerraformConnectorExample 2022-08-03T16:04:18Z logger.go:66:                       - tls            = {
TestTerraformConnectorExample 2022-08-03T16:04:18Z logger.go:66:                           - directoryPathInContainer = null
TestTerraformConnectorExample 2022-08-03T16:04:18Z logger.go:66:                           - enabled                  = null
TestTerraformConnectorExample 2022-08-03T16:04:18Z logger.go:66:                           - ignoreTrustStoreConfig   = null
TestTerraformConnectorExample 2022-08-03T16:04:18Z logger.go:66:                           - jksPassword              = {
TestTerraformConnectorExample 2022-08-03T16:04:18Z logger.go:66:                               - secretRef = null
TestTerraformConnectorExample 2022-08-03T16:04:18Z logger.go:66:                             }
TestTerraformConnectorExample 2022-08-03T16:04:18Z logger.go:66:                           - secretRef                = null
TestTerraformConnectorExample 2022-08-03T16:04:18Z logger.go:66:                         }
TestTerraformConnectorExample 2022-08-03T16:04:18Z logger.go:66:                     }
TestTerraformConnectorExample 2022-08-03T16:04:18Z logger.go:66:                   - internal = {
TestTerraformConnectorExample 2022-08-03T16:04:18Z logger.go:66:                       - authentication = {
TestTerraformConnectorExample 2022-08-03T16:04:18Z logger.go:66:                           - jaasConfig            = {
TestTerraformConnectorExample 2022-08-03T16:04:18Z logger.go:66:                               - secretRef = null
TestTerraformConnectorExample 2022-08-03T16:04:18Z logger.go:66:                             }
TestTerraformConnectorExample 2022-08-03T16:04:18Z logger.go:66:                           - jaasConfigPassThrough = {
TestTerraformConnectorExample 2022-08-03T16:04:18Z logger.go:66:                               - directoryPathInContainer = null
TestTerraformConnectorExample 2022-08-03T16:04:18Z logger.go:66:                               - secretRef                = null
TestTerraformConnectorExample 2022-08-03T16:04:18Z logger.go:66:                             }
TestTerraformConnectorExample 2022-08-03T16:04:18Z logger.go:66:                           - principalMappingRules = null
TestTerraformConnectorExample 2022-08-03T16:04:18Z logger.go:66:                           - type                  = null
TestTerraformConnectorExample 2022-08-03T16:04:18Z logger.go:66:                         }
TestTerraformConnectorExample 2022-08-03T16:04:18Z logger.go:66:                       - tls            = {
TestTerraformConnectorExample 2022-08-03T16:04:18Z logger.go:66:                           - directoryPathInContainer = null
TestTerraformConnectorExample 2022-08-03T16:04:18Z logger.go:66:                           - enabled                  = null
TestTerraformConnectorExample 2022-08-03T16:04:18Z logger.go:66:                           - ignoreTrustStoreConfig   = null
TestTerraformConnectorExample 2022-08-03T16:04:18Z logger.go:66:                           - jksPassword              = {
TestTerraformConnectorExample 2022-08-03T16:04:18Z logger.go:66:                               - secretRef = null
TestTerraformConnectorExample 2022-08-03T16:04:18Z logger.go:66:                             }
TestTerraformConnectorExample 2022-08-03T16:04:18Z logger.go:66:                           - secretRef                = null
TestTerraformConnectorExample 2022-08-03T16:04:18Z logger.go:66:                         }
TestTerraformConnectorExample 2022-08-03T16:04:18Z logger.go:66:                     }
TestTerraformConnectorExample 2022-08-03T16:04:18Z logger.go:66:                 }
TestTerraformConnectorExample 2022-08-03T16:04:18Z logger.go:66:               - metricReporter     = {
TestTerraformConnectorExample 2022-08-03T16:04:18Z logger.go:66:                   - authentication    = {
TestTerraformConnectorExample 2022-08-03T16:04:18Z logger.go:66:                       - jaasConfig            = {
TestTerraformConnectorExample 2022-08-03T16:04:18Z logger.go:66:                           - secretRef = null
TestTerraformConnectorExample 2022-08-03T16:04:18Z logger.go:66:                         }
TestTerraformConnectorExample 2022-08-03T16:04:18Z logger.go:66:                       - jaasConfigPassThrough = {
TestTerraformConnectorExample 2022-08-03T16:04:18Z logger.go:66:                           - directoryPathInContainer = null
TestTerraformConnectorExample 2022-08-03T16:04:18Z logger.go:66:                           - secretRef                = null
TestTerraformConnectorExample 2022-08-03T16:04:18Z logger.go:66:                         }
TestTerraformConnectorExample 2022-08-03T16:04:18Z logger.go:66:                       - oauthbearer           = {
TestTerraformConnectorExample 2022-08-03T16:04:18Z logger.go:66:                           - directoryPathInContainer = null
TestTerraformConnectorExample 2022-08-03T16:04:18Z logger.go:66:                           - secretRef                = null
TestTerraformConnectorExample 2022-08-03T16:04:18Z logger.go:66:                         }
TestTerraformConnectorExample 2022-08-03T16:04:18Z logger.go:66:                       - type                  = null
TestTerraformConnectorExample 2022-08-03T16:04:18Z logger.go:66:                     }
TestTerraformConnectorExample 2022-08-03T16:04:18Z logger.go:66:                   - bootstrapEndpoint = null
TestTerraformConnectorExample 2022-08-03T16:04:18Z logger.go:66:                   - enabled           = true
TestTerraformConnectorExample 2022-08-03T16:04:18Z logger.go:66:                   - replicationFactor = null
TestTerraformConnectorExample 2022-08-03T16:04:18Z logger.go:66:                   - tls               = {
TestTerraformConnectorExample 2022-08-03T16:04:18Z logger.go:66:                       - directoryPathInContainer = null
TestTerraformConnectorExample 2022-08-03T16:04:18Z logger.go:66:                       - enabled                  = null
TestTerraformConnectorExample 2022-08-03T16:04:18Z logger.go:66:                       - ignoreTrustStoreConfig   = null
TestTerraformConnectorExample 2022-08-03T16:04:18Z logger.go:66:                       - jksPassword              = {
TestTerraformConnectorExample 2022-08-03T16:04:18Z logger.go:66:                           - secretRef = null
TestTerraformConnectorExample 2022-08-03T16:04:18Z logger.go:66:                         }
TestTerraformConnectorExample 2022-08-03T16:04:18Z logger.go:66:                       - secretRef                = null
TestTerraformConnectorExample 2022-08-03T16:04:18Z logger.go:66:                     }
TestTerraformConnectorExample 2022-08-03T16:04:18Z logger.go:66:                 }
TestTerraformConnectorExample 2022-08-03T16:04:18Z logger.go:66:               - metrics            = {
TestTerraformConnectorExample 2022-08-03T16:04:18Z logger.go:66:                   - authentication = {
TestTerraformConnectorExample 2022-08-03T16:04:18Z logger.go:66:                       - type = null
TestTerraformConnectorExample 2022-08-03T16:04:18Z logger.go:66:                     }
TestTerraformConnectorExample 2022-08-03T16:04:18Z logger.go:66:                   - prometheus     = {
TestTerraformConnectorExample 2022-08-03T16:04:18Z logger.go:66:                       - blacklist = null
TestTerraformConnectorExample 2022-08-03T16:04:18Z logger.go:66:                       - rules     = null
TestTerraformConnectorExample 2022-08-03T16:04:18Z logger.go:66:                       - whitelist = null
TestTerraformConnectorExample 2022-08-03T16:04:18Z logger.go:66:                     }
TestTerraformConnectorExample 2022-08-03T16:04:18Z logger.go:66:                   - tls            = {
TestTerraformConnectorExample 2022-08-03T16:04:18Z logger.go:66:                       - directoryPathInContainer = null
TestTerraformConnectorExample 2022-08-03T16:04:18Z logger.go:66:                       - enabled                  = null
TestTerraformConnectorExample 2022-08-03T16:04:18Z logger.go:66:                       - ignoreTrustStoreConfig   = null
TestTerraformConnectorExample 2022-08-03T16:04:18Z logger.go:66:                       - jksPassword              = {
TestTerraformConnectorExample 2022-08-03T16:04:18Z logger.go:66:                           - secretRef = null
TestTerraformConnectorExample 2022-08-03T16:04:18Z logger.go:66:                         }
TestTerraformConnectorExample 2022-08-03T16:04:18Z logger.go:66:                       - secretRef                = null
TestTerraformConnectorExample 2022-08-03T16:04:18Z logger.go:66:                     }
TestTerraformConnectorExample 2022-08-03T16:04:18Z logger.go:66:                 }
TestTerraformConnectorExample 2022-08-03T16:04:18Z logger.go:66:               - mountedSecrets     = null
TestTerraformConnectorExample 2022-08-03T16:04:18Z logger.go:66:               - mountedVolumes     = {
TestTerraformConnectorExample 2022-08-03T16:04:18Z logger.go:66:                   - volumeMounts = null
TestTerraformConnectorExample 2022-08-03T16:04:18Z logger.go:66:                   - volumes      = null
TestTerraformConnectorExample 2022-08-03T16:04:18Z logger.go:66:                 }
TestTerraformConnectorExample 2022-08-03T16:04:18Z logger.go:66:               - oneReplicaPerNode  = null
TestTerraformConnectorExample 2022-08-03T16:04:18Z logger.go:66:               - passwordEncoder    = {
TestTerraformConnectorExample 2022-08-03T16:04:18Z logger.go:66:                   - directoryPathInContainer = null
TestTerraformConnectorExample 2022-08-03T16:04:18Z logger.go:66:                   - secretRef                = null
TestTerraformConnectorExample 2022-08-03T16:04:18Z logger.go:66:                 }
TestTerraformConnectorExample 2022-08-03T16:04:18Z logger.go:66:               - podTemplate        = {
TestTerraformConnectorExample 2022-08-03T16:04:18Z logger.go:66:                   - affinity                      = {
TestTerraformConnectorExample 2022-08-03T16:04:18Z logger.go:66:                       - nodeAffinity    = {
TestTerraformConnectorExample 2022-08-03T16:04:18Z logger.go:66:                           - preferredDuringSchedulingIgnoredDuringExecution = null
TestTerraformConnectorExample 2022-08-03T16:04:18Z logger.go:66:                           - requiredDuringSchedulingIgnoredDuringExecution  = {
TestTerraformConnectorExample 2022-08-03T16:04:18Z logger.go:66:                               - nodeSelectorTerms = null
TestTerraformConnectorExample 2022-08-03T16:04:18Z logger.go:66:                             }
TestTerraformConnectorExample 2022-08-03T16:04:18Z logger.go:66:                         }
TestTerraformConnectorExample 2022-08-03T16:04:18Z logger.go:66:                       - podAffinity     = {
TestTerraformConnectorExample 2022-08-03T16:04:18Z logger.go:66:                           - preferredDuringSchedulingIgnoredDuringExecution = null
TestTerraformConnectorExample 2022-08-03T16:04:18Z logger.go:66:                           - requiredDuringSchedulingIgnoredDuringExecution  = null
TestTerraformConnectorExample 2022-08-03T16:04:18Z logger.go:66:                         }
TestTerraformConnectorExample 2022-08-03T16:04:18Z logger.go:66:                       - podAntiAffinity = {
TestTerraformConnectorExample 2022-08-03T16:04:18Z logger.go:66:                           - preferredDuringSchedulingIgnoredDuringExecution = null
TestTerraformConnectorExample 2022-08-03T16:04:18Z logger.go:66:                           - requiredDuringSchedulingIgnoredDuringExecution  = null
TestTerraformConnectorExample 2022-08-03T16:04:18Z logger.go:66:                         }
TestTerraformConnectorExample 2022-08-03T16:04:18Z logger.go:66:                     }
TestTerraformConnectorExample 2022-08-03T16:04:18Z logger.go:66:                   - annotations                   = null
TestTerraformConnectorExample 2022-08-03T16:04:18Z logger.go:66:                   - envVars                       = null
TestTerraformConnectorExample 2022-08-03T16:04:18Z logger.go:66:                   - labels                        = null
TestTerraformConnectorExample 2022-08-03T16:04:18Z logger.go:66:                   - podSecurityContext            = {
TestTerraformConnectorExample 2022-08-03T16:04:18Z logger.go:66:                       - fsGroup             = null
TestTerraformConnectorExample 2022-08-03T16:04:18Z logger.go:66:                       - fsGroupChangePolicy = null
TestTerraformConnectorExample 2022-08-03T16:04:18Z logger.go:66:                       - runAsGroup          = null
TestTerraformConnectorExample 2022-08-03T16:04:18Z logger.go:66:                       - runAsNonRoot        = null
TestTerraformConnectorExample 2022-08-03T16:04:18Z logger.go:66:                       - runAsUser           = null
TestTerraformConnectorExample 2022-08-03T16:04:18Z logger.go:66:                       - seLinuxOptions      = {
TestTerraformConnectorExample 2022-08-03T16:04:18Z logger.go:66:                           - level = null
TestTerraformConnectorExample 2022-08-03T16:04:18Z logger.go:66:                           - role  = null
TestTerraformConnectorExample 2022-08-03T16:04:18Z logger.go:66:                           - type  = null
TestTerraformConnectorExample 2022-08-03T16:04:18Z logger.go:66:                           - user  = null
TestTerraformConnectorExample 2022-08-03T16:04:18Z logger.go:66:                         }
TestTerraformConnectorExample 2022-08-03T16:04:18Z logger.go:66:                       - seccompProfile      = {
TestTerraformConnectorExample 2022-08-03T16:04:18Z logger.go:66:                           - localhostProfile = null
TestTerraformConnectorExample 2022-08-03T16:04:18Z logger.go:66:                           - type             = null
TestTerraformConnectorExample 2022-08-03T16:04:18Z logger.go:66:                         }
TestTerraformConnectorExample 2022-08-03T16:04:18Z logger.go:66:                       - supplementalGroups  = null
TestTerraformConnectorExample 2022-08-03T16:04:18Z logger.go:66:                       - sysctls             = null
TestTerraformConnectorExample 2022-08-03T16:04:18Z logger.go:66:                       - windowsOptions      = {
TestTerraformConnectorExample 2022-08-03T16:04:18Z logger.go:66:                           - gmsaCredentialSpec     = null
TestTerraformConnectorExample 2022-08-03T16:04:18Z logger.go:66:                           - gmsaCredentialSpecName = null
TestTerraformConnectorExample 2022-08-03T16:04:18Z logger.go:66:                           - hostProcess            = null
TestTerraformConnectorExample 2022-08-03T16:04:18Z logger.go:66:                           - runAsUserName          = null
TestTerraformConnectorExample 2022-08-03T16:04:18Z logger.go:66:                         }
TestTerraformConnectorExample 2022-08-03T16:04:18Z logger.go:66:                     }
TestTerraformConnectorExample 2022-08-03T16:04:18Z logger.go:66:                   - priorityClassName             = null
TestTerraformConnectorExample 2022-08-03T16:04:18Z logger.go:66:                   - probe                         = {
TestTerraformConnectorExample 2022-08-03T16:04:18Z logger.go:66:                       - liveness  = {
TestTerraformConnectorExample 2022-08-03T16:04:18Z logger.go:66:                           - failureThreshold    = null
TestTerraformConnectorExample 2022-08-03T16:04:18Z logger.go:66:                           - initialDelaySeconds = null
TestTerraformConnectorExample 2022-08-03T16:04:18Z logger.go:66:                           - periodSeconds       = null
TestTerraformConnectorExample 2022-08-03T16:04:18Z logger.go:66:                           - successThreshold    = null
TestTerraformConnectorExample 2022-08-03T16:04:18Z logger.go:66:                           - timeoutSeconds      = null
TestTerraformConnectorExample 2022-08-03T16:04:18Z logger.go:66:                         }
TestTerraformConnectorExample 2022-08-03T16:04:18Z logger.go:66:                       - readiness = {
TestTerraformConnectorExample 2022-08-03T16:04:18Z logger.go:66:                           - failureThreshold    = null
TestTerraformConnectorExample 2022-08-03T16:04:18Z logger.go:66:                           - initialDelaySeconds = null
TestTerraformConnectorExample 2022-08-03T16:04:18Z logger.go:66:                           - periodSeconds       = null
TestTerraformConnectorExample 2022-08-03T16:04:18Z logger.go:66:                           - successThreshold    = null
TestTerraformConnectorExample 2022-08-03T16:04:18Z logger.go:66:                           - timeoutSeconds      = null
TestTerraformConnectorExample 2022-08-03T16:04:18Z logger.go:66:                         }
TestTerraformConnectorExample 2022-08-03T16:04:18Z logger.go:66:                     }
TestTerraformConnectorExample 2022-08-03T16:04:18Z logger.go:66:                   - resources                     = {
TestTerraformConnectorExample 2022-08-03T16:04:18Z logger.go:66:                       - limits   = null
TestTerraformConnectorExample 2022-08-03T16:04:18Z logger.go:66:                       - requests = null
TestTerraformConnectorExample 2022-08-03T16:04:18Z logger.go:66:                     }
TestTerraformConnectorExample 2022-08-03T16:04:18Z logger.go:66:                   - securityContext               = {
TestTerraformConnectorExample 2022-08-03T16:04:18Z logger.go:66:                       - allowPrivilegeEscalation = null
TestTerraformConnectorExample 2022-08-03T16:04:18Z logger.go:66:                       - capabilities             = {
TestTerraformConnectorExample 2022-08-03T16:04:18Z logger.go:66:                           - add  = null
TestTerraformConnectorExample 2022-08-03T16:04:18Z logger.go:66:                           - drop = null
TestTerraformConnectorExample 2022-08-03T16:04:18Z logger.go:66:                         }
TestTerraformConnectorExample 2022-08-03T16:04:18Z logger.go:66:                       - privileged               = null
TestTerraformConnectorExample 2022-08-03T16:04:18Z logger.go:66:                       - procMount                = null
TestTerraformConnectorExample 2022-08-03T16:04:18Z logger.go:66:                       - readOnlyRootFilesystem   = null
TestTerraformConnectorExample 2022-08-03T16:04:18Z logger.go:66:                       - runAsGroup               = null
TestTerraformConnectorExample 2022-08-03T16:04:18Z logger.go:66:                       - runAsNonRoot             = null
TestTerraformConnectorExample 2022-08-03T16:04:18Z logger.go:66:                       - runAsUser                = null
TestTerraformConnectorExample 2022-08-03T16:04:18Z logger.go:66:                       - seLinuxOptions           = {
TestTerraformConnectorExample 2022-08-03T16:04:18Z logger.go:66:                           - level = null
TestTerraformConnectorExample 2022-08-03T16:04:18Z logger.go:66:                           - role  = null
TestTerraformConnectorExample 2022-08-03T16:04:18Z logger.go:66:                           - type  = null
TestTerraformConnectorExample 2022-08-03T16:04:18Z logger.go:66:                           - user  = null
TestTerraformConnectorExample 2022-08-03T16:04:18Z logger.go:66:                         }
TestTerraformConnectorExample 2022-08-03T16:04:18Z logger.go:66:                       - seccompProfile           = {
TestTerraformConnectorExample 2022-08-03T16:04:18Z logger.go:66:                           - localhostProfile = null
TestTerraformConnectorExample 2022-08-03T16:04:18Z logger.go:66:                           - type             = null
TestTerraformConnectorExample 2022-08-03T16:04:18Z logger.go:66:                         }
TestTerraformConnectorExample 2022-08-03T16:04:18Z logger.go:66:                       - windowsOptions           = {
TestTerraformConnectorExample 2022-08-03T16:04:18Z logger.go:66:                           - gmsaCredentialSpec     = null
TestTerraformConnectorExample 2022-08-03T16:04:18Z logger.go:66:                           - gmsaCredentialSpecName = null
TestTerraformConnectorExample 2022-08-03T16:04:18Z logger.go:66:                           - hostProcess            = null
TestTerraformConnectorExample 2022-08-03T16:04:18Z logger.go:66:                           - runAsUserName          = null
TestTerraformConnectorExample 2022-08-03T16:04:18Z logger.go:66:                         }
TestTerraformConnectorExample 2022-08-03T16:04:18Z logger.go:66:                     }
TestTerraformConnectorExample 2022-08-03T16:04:18Z logger.go:66:                   - serviceAccountName            = null
TestTerraformConnectorExample 2022-08-03T16:04:18Z logger.go:66:                   - terminationGracePeriodSeconds = null
TestTerraformConnectorExample 2022-08-03T16:04:18Z logger.go:66:                   - tolerations                   = null
TestTerraformConnectorExample 2022-08-03T16:04:18Z logger.go:66:                   - topologySpreadConstraints     = null
TestTerraformConnectorExample 2022-08-03T16:04:18Z logger.go:66:                 }
TestTerraformConnectorExample 2022-08-03T16:04:18Z logger.go:66:               - rackAssignment     = {
TestTerraformConnectorExample 2022-08-03T16:04:18Z logger.go:66:                   - availabilityZoneCount = null
TestTerraformConnectorExample 2022-08-03T16:04:18Z logger.go:66:                   - nodeLabels            = null
TestTerraformConnectorExample 2022-08-03T16:04:18Z logger.go:66:                 }
TestTerraformConnectorExample 2022-08-03T16:04:18Z logger.go:66:               - replicas           = 3
TestTerraformConnectorExample 2022-08-03T16:04:18Z logger.go:66:               - services           = {
TestTerraformConnectorExample 2022-08-03T16:04:18Z logger.go:66:                   - kafkaRest = {
TestTerraformConnectorExample 2022-08-03T16:04:18Z logger.go:66:                       - authentication = {
TestTerraformConnectorExample 2022-08-03T16:04:18Z logger.go:66:                           - basic = {
TestTerraformConnectorExample 2022-08-03T16:04:18Z logger.go:66:                               - debug                    = null
TestTerraformConnectorExample 2022-08-03T16:04:18Z logger.go:66:                               - directoryPathInContainer = null
TestTerraformConnectorExample 2022-08-03T16:04:18Z logger.go:66:                               - restrictedRoles          = null
TestTerraformConnectorExample 2022-08-03T16:04:18Z logger.go:66:                               - roles                    = null
TestTerraformConnectorExample 2022-08-03T16:04:18Z logger.go:66:                               - secretRef                = null
TestTerraformConnectorExample 2022-08-03T16:04:18Z logger.go:66:                             }
TestTerraformConnectorExample 2022-08-03T16:04:18Z logger.go:66:                           - type  = null
TestTerraformConnectorExample 2022-08-03T16:04:18Z logger.go:66:                         }
TestTerraformConnectorExample 2022-08-03T16:04:18Z logger.go:66:                       - externalAccess = {
TestTerraformConnectorExample 2022-08-03T16:04:18Z logger.go:66:                           - loadBalancer = {
TestTerraformConnectorExample 2022-08-03T16:04:18Z logger.go:66:                               - advertisedURL            = {
TestTerraformConnectorExample 2022-08-03T16:04:18Z logger.go:66:                                   - enabled = null
TestTerraformConnectorExample 2022-08-03T16:04:18Z logger.go:66:                                   - prefix  = null
TestTerraformConnectorExample 2022-08-03T16:04:18Z logger.go:66:                                 }
TestTerraformConnectorExample 2022-08-03T16:04:18Z logger.go:66:                               - annotations              = null
TestTerraformConnectorExample 2022-08-03T16:04:18Z logger.go:66:                               - domain                   = null
TestTerraformConnectorExample 2022-08-03T16:04:18Z logger.go:66:                               - externalTrafficPolicy    = null
TestTerraformConnectorExample 2022-08-03T16:04:18Z logger.go:66:                               - labels                   = null
TestTerraformConnectorExample 2022-08-03T16:04:18Z logger.go:66:                               - loadBalancerSourceRanges = null
TestTerraformConnectorExample 2022-08-03T16:04:18Z logger.go:66:                               - port                     = null
TestTerraformConnectorExample 2022-08-03T16:04:18Z logger.go:66:                               - prefix                   = null
TestTerraformConnectorExample 2022-08-03T16:04:18Z logger.go:66:                               - servicePorts             = null
TestTerraformConnectorExample 2022-08-03T16:04:18Z logger.go:66:                               - sessionAffinity          = null
TestTerraformConnectorExample 2022-08-03T16:04:18Z logger.go:66:                               - sessionAffinityConfig    = {
TestTerraformConnectorExample 2022-08-03T16:04:18Z logger.go:66:                                   - clientIP = {
TestTerraformConnectorExample 2022-08-03T16:04:18Z logger.go:66:                                       - timeoutSeconds = null
TestTerraformConnectorExample 2022-08-03T16:04:18Z logger.go:66:                                     }
TestTerraformConnectorExample 2022-08-03T16:04:18Z logger.go:66:                                 }
TestTerraformConnectorExample 2022-08-03T16:04:18Z logger.go:66:                             }
TestTerraformConnectorExample 2022-08-03T16:04:18Z logger.go:66:                           - nodePort     = {
TestTerraformConnectorExample 2022-08-03T16:04:18Z logger.go:66:                               - advertisedURL         = {
TestTerraformConnectorExample 2022-08-03T16:04:18Z logger.go:66:                                   - enabled = null
TestTerraformConnectorExample 2022-08-03T16:04:18Z logger.go:66:                                   - prefix  = null
TestTerraformConnectorExample 2022-08-03T16:04:18Z logger.go:66:                                 }
TestTerraformConnectorExample 2022-08-03T16:04:18Z logger.go:66:                               - annotations           = null
TestTerraformConnectorExample 2022-08-03T16:04:18Z logger.go:66:                               - externalTrafficPolicy = null
TestTerraformConnectorExample 2022-08-03T16:04:18Z logger.go:66:                               - host                  = null
TestTerraformConnectorExample 2022-08-03T16:04:18Z logger.go:66:                               - labels                = null
TestTerraformConnectorExample 2022-08-03T16:04:18Z logger.go:66:                               - nodePortOffset        = null
TestTerraformConnectorExample 2022-08-03T16:04:18Z logger.go:66:                               - servicePorts          = null
TestTerraformConnectorExample 2022-08-03T16:04:18Z logger.go:66:                               - sessionAffinity       = null
TestTerraformConnectorExample 2022-08-03T16:04:18Z logger.go:66:                               - sessionAffinityConfig = {
TestTerraformConnectorExample 2022-08-03T16:04:18Z logger.go:66:                                   - clientIP = {
TestTerraformConnectorExample 2022-08-03T16:04:18Z logger.go:66:                                       - timeoutSeconds = null
TestTerraformConnectorExample 2022-08-03T16:04:18Z logger.go:66:                                     }
TestTerraformConnectorExample 2022-08-03T16:04:18Z logger.go:66:                                 }
TestTerraformConnectorExample 2022-08-03T16:04:18Z logger.go:66:                             }
TestTerraformConnectorExample 2022-08-03T16:04:18Z logger.go:66:                           - route        = {
TestTerraformConnectorExample 2022-08-03T16:04:18Z logger.go:66:                               - annotations    = null
TestTerraformConnectorExample 2022-08-03T16:04:18Z logger.go:66:                               - domain         = null
TestTerraformConnectorExample 2022-08-03T16:04:18Z logger.go:66:                               - labels         = null
TestTerraformConnectorExample 2022-08-03T16:04:18Z logger.go:66:                               - prefix         = null
TestTerraformConnectorExample 2022-08-03T16:04:18Z logger.go:66:                               - wildcardPolicy = null
TestTerraformConnectorExample 2022-08-03T16:04:18Z logger.go:66:                             }
TestTerraformConnectorExample 2022-08-03T16:04:18Z logger.go:66:                           - type         = null
TestTerraformConnectorExample 2022-08-03T16:04:18Z logger.go:66:                         }
TestTerraformConnectorExample 2022-08-03T16:04:18Z logger.go:66:                       - tls            = {
TestTerraformConnectorExample 2022-08-03T16:04:18Z logger.go:66:                           - directoryPathInContainer = null
TestTerraformConnectorExample 2022-08-03T16:04:18Z logger.go:66:                           - enabled                  = null
TestTerraformConnectorExample 2022-08-03T16:04:18Z logger.go:66:                           - ignoreTrustStoreConfig   = null
TestTerraformConnectorExample 2022-08-03T16:04:18Z logger.go:66:                           - jksPassword              = {
TestTerraformConnectorExample 2022-08-03T16:04:18Z logger.go:66:                               - secretRef = null
TestTerraformConnectorExample 2022-08-03T16:04:18Z logger.go:66:                             }
TestTerraformConnectorExample 2022-08-03T16:04:18Z logger.go:66:                           - secretRef                = null
TestTerraformConnectorExample 2022-08-03T16:04:18Z logger.go:66:                         }
TestTerraformConnectorExample 2022-08-03T16:04:18Z logger.go:66:                     }
TestTerraformConnectorExample 2022-08-03T16:04:18Z logger.go:66:                   - mds       = {
TestTerraformConnectorExample 2022-08-03T16:04:18Z logger.go:66:                       - authentication = {
TestTerraformConnectorExample 2022-08-03T16:04:18Z logger.go:66:                           - type = null
TestTerraformConnectorExample 2022-08-03T16:04:18Z logger.go:66:                         }
TestTerraformConnectorExample 2022-08-03T16:04:18Z logger.go:66:                       - externalAccess = {
TestTerraformConnectorExample 2022-08-03T16:04:18Z logger.go:66:                           - loadBalancer = {
TestTerraformConnectorExample 2022-08-03T16:04:18Z logger.go:66:                               - advertisedURL            = {
TestTerraformConnectorExample 2022-08-03T16:04:18Z logger.go:66:                                   - enabled = null
TestTerraformConnectorExample 2022-08-03T16:04:18Z logger.go:66:                                   - prefix  = null
TestTerraformConnectorExample 2022-08-03T16:04:18Z logger.go:66:                                 }
TestTerraformConnectorExample 2022-08-03T16:04:18Z logger.go:66:                               - annotations              = null
TestTerraformConnectorExample 2022-08-03T16:04:18Z logger.go:66:                               - domain                   = null
TestTerraformConnectorExample 2022-08-03T16:04:18Z logger.go:66:                               - externalTrafficPolicy    = null
TestTerraformConnectorExample 2022-08-03T16:04:18Z logger.go:66:                               - labels                   = null
TestTerraformConnectorExample 2022-08-03T16:04:18Z logger.go:66:                               - loadBalancerSourceRanges = null
TestTerraformConnectorExample 2022-08-03T16:04:18Z logger.go:66:                               - port                     = null
TestTerraformConnectorExample 2022-08-03T16:04:18Z logger.go:66:                               - prefix                   = null
TestTerraformConnectorExample 2022-08-03T16:04:18Z logger.go:66:                               - servicePorts             = null
TestTerraformConnectorExample 2022-08-03T16:04:18Z logger.go:66:                               - sessionAffinity          = null
TestTerraformConnectorExample 2022-08-03T16:04:18Z logger.go:66:                               - sessionAffinityConfig    = {
TestTerraformConnectorExample 2022-08-03T16:04:18Z logger.go:66:                                   - clientIP = {
TestTerraformConnectorExample 2022-08-03T16:04:18Z logger.go:66:                                       - timeoutSeconds = null
TestTerraformConnectorExample 2022-08-03T16:04:18Z logger.go:66:                                     }
TestTerraformConnectorExample 2022-08-03T16:04:18Z logger.go:66:                                 }
TestTerraformConnectorExample 2022-08-03T16:04:18Z logger.go:66:                             }
TestTerraformConnectorExample 2022-08-03T16:04:18Z logger.go:66:                           - nodePort     = {
TestTerraformConnectorExample 2022-08-03T16:04:18Z logger.go:66:                               - advertisedURL         = {
TestTerraformConnectorExample 2022-08-03T16:04:18Z logger.go:66:                                   - enabled = null
TestTerraformConnectorExample 2022-08-03T16:04:18Z logger.go:66:                                   - prefix  = null
TestTerraformConnectorExample 2022-08-03T16:04:18Z logger.go:66:                                 }
TestTerraformConnectorExample 2022-08-03T16:04:18Z logger.go:66:                               - annotations           = null
TestTerraformConnectorExample 2022-08-03T16:04:18Z logger.go:66:                               - externalTrafficPolicy = null
TestTerraformConnectorExample 2022-08-03T16:04:18Z logger.go:66:                               - host                  = null
TestTerraformConnectorExample 2022-08-03T16:04:18Z logger.go:66:                               - labels                = null
TestTerraformConnectorExample 2022-08-03T16:04:18Z logger.go:66:                               - nodePortOffset        = null
TestTerraformConnectorExample 2022-08-03T16:04:18Z logger.go:66:                               - servicePorts          = null
TestTerraformConnectorExample 2022-08-03T16:04:18Z logger.go:66:                               - sessionAffinity       = null
TestTerraformConnectorExample 2022-08-03T16:04:18Z logger.go:66:                               - sessionAffinityConfig = {
TestTerraformConnectorExample 2022-08-03T16:04:18Z logger.go:66:                                   - clientIP = {
TestTerraformConnectorExample 2022-08-03T16:04:18Z logger.go:66:                                       - timeoutSeconds = null
TestTerraformConnectorExample 2022-08-03T16:04:18Z logger.go:66:                                     }
TestTerraformConnectorExample 2022-08-03T16:04:18Z logger.go:66:                                 }
TestTerraformConnectorExample 2022-08-03T16:04:18Z logger.go:66:                             }
TestTerraformConnectorExample 2022-08-03T16:04:18Z logger.go:66:                           - route        = {
TestTerraformConnectorExample 2022-08-03T16:04:18Z logger.go:66:                               - annotations    = null
TestTerraformConnectorExample 2022-08-03T16:04:18Z logger.go:66:                               - domain         = null
TestTerraformConnectorExample 2022-08-03T16:04:18Z logger.go:66:                               - labels         = null
TestTerraformConnectorExample 2022-08-03T16:04:18Z logger.go:66:                               - prefix         = null
TestTerraformConnectorExample 2022-08-03T16:04:18Z logger.go:66:                               - wildcardPolicy = null
TestTerraformConnectorExample 2022-08-03T16:04:18Z logger.go:66:                             }
TestTerraformConnectorExample 2022-08-03T16:04:18Z logger.go:66:                           - type         = null
TestTerraformConnectorExample 2022-08-03T16:04:18Z logger.go:66:                         }
TestTerraformConnectorExample 2022-08-03T16:04:18Z logger.go:66:                       - provider       = {
TestTerraformConnectorExample 2022-08-03T16:04:18Z logger.go:66:                           - ldap = {
TestTerraformConnectorExample 2022-08-03T16:04:18Z logger.go:66:                               - address        = null
TestTerraformConnectorExample 2022-08-03T16:04:18Z logger.go:66:                               - authentication = {
TestTerraformConnectorExample 2022-08-03T16:04:18Z logger.go:66:                                   - simple = {
TestTerraformConnectorExample 2022-08-03T16:04:18Z logger.go:66:                                       - directoryPathInContainer = null
TestTerraformConnectorExample 2022-08-03T16:04:18Z logger.go:66:                                       - secretRef                = null
TestTerraformConnectorExample 2022-08-03T16:04:18Z logger.go:66:                                     }
TestTerraformConnectorExample 2022-08-03T16:04:18Z logger.go:66:                                   - type   = null
TestTerraformConnectorExample 2022-08-03T16:04:18Z logger.go:66:                                 }
TestTerraformConnectorExample 2022-08-03T16:04:18Z logger.go:66:                               - configurations = {
TestTerraformConnectorExample 2022-08-03T16:04:18Z logger.go:66:                                   - groupMemberAttribute         = null
TestTerraformConnectorExample 2022-08-03T16:04:18Z logger.go:66:                                   - groupMemberAttributePattern  = null
TestTerraformConnectorExample 2022-08-03T16:04:18Z logger.go:66:                                   - groupNameAttribute           = null
TestTerraformConnectorExample 2022-08-03T16:04:18Z logger.go:66:                                   - groupObjectClass             = null
TestTerraformConnectorExample 2022-08-03T16:04:18Z logger.go:66:                                   - groupSearchBase              = null
TestTerraformConnectorExample 2022-08-03T16:04:18Z logger.go:66:                                   - groupSearchFilter            = null
TestTerraformConnectorExample 2022-08-03T16:04:18Z logger.go:66:                                   - groupSearchScope             = null
TestTerraformConnectorExample 2022-08-03T16:04:18Z logger.go:66:                                   - userMemberOfAttributePattern = null
TestTerraformConnectorExample 2022-08-03T16:04:18Z logger.go:66:                                   - userNameAttribute            = null
TestTerraformConnectorExample 2022-08-03T16:04:18Z logger.go:66:                                   - userObjectClass              = null
TestTerraformConnectorExample 2022-08-03T16:04:18Z logger.go:66:                                   - userSearchBase               = null
TestTerraformConnectorExample 2022-08-03T16:04:18Z logger.go:66:                                   - userSearchFilter             = null
TestTerraformConnectorExample 2022-08-03T16:04:18Z logger.go:66:                                   - userSearchScope              = null
TestTerraformConnectorExample 2022-08-03T16:04:18Z logger.go:66:                                 }
TestTerraformConnectorExample 2022-08-03T16:04:18Z logger.go:66:                               - tls            = {
TestTerraformConnectorExample 2022-08-03T16:04:18Z logger.go:66:                                   - directoryPathInContainer = null
TestTerraformConnectorExample 2022-08-03T16:04:18Z logger.go:66:                                   - enabled                  = null
TestTerraformConnectorExample 2022-08-03T16:04:18Z logger.go:66:                                   - ignoreTrustStoreConfig   = null
TestTerraformConnectorExample 2022-08-03T16:04:18Z logger.go:66:                                   - jksPassword              = {
TestTerraformConnectorExample 2022-08-03T16:04:18Z logger.go:66:                                       - secretRef = null
TestTerraformConnectorExample 2022-08-03T16:04:18Z logger.go:66:                                     }
TestTerraformConnectorExample 2022-08-03T16:04:18Z logger.go:66:                                   - secretRef                = null
TestTerraformConnectorExample 2022-08-03T16:04:18Z logger.go:66:                                 }
TestTerraformConnectorExample 2022-08-03T16:04:18Z logger.go:66:                             }
TestTerraformConnectorExample 2022-08-03T16:04:18Z logger.go:66:                           - type = null
TestTerraformConnectorExample 2022-08-03T16:04:18Z logger.go:66:                         }
TestTerraformConnectorExample 2022-08-03T16:04:18Z logger.go:66:                       - tls            = {
TestTerraformConnectorExample 2022-08-03T16:04:18Z logger.go:66:                           - directoryPathInContainer = null
TestTerraformConnectorExample 2022-08-03T16:04:18Z logger.go:66:                           - enabled                  = null
TestTerraformConnectorExample 2022-08-03T16:04:18Z logger.go:66:                           - ignoreTrustStoreConfig   = null
TestTerraformConnectorExample 2022-08-03T16:04:18Z logger.go:66:                           - jksPassword              = {
TestTerraformConnectorExample 2022-08-03T16:04:18Z logger.go:66:                               - secretRef = null
TestTerraformConnectorExample 2022-08-03T16:04:18Z logger.go:66:                             }
TestTerraformConnectorExample 2022-08-03T16:04:18Z logger.go:66:                           - secretRef                = null
TestTerraformConnectorExample 2022-08-03T16:04:18Z logger.go:66:                         }
TestTerraformConnectorExample 2022-08-03T16:04:18Z logger.go:66:                       - tokenKeyPair   = {
TestTerraformConnectorExample 2022-08-03T16:04:18Z logger.go:66:                           - directoryPathInContainer = null
TestTerraformConnectorExample 2022-08-03T16:04:18Z logger.go:66:                           - secretRef                = null
TestTerraformConnectorExample 2022-08-03T16:04:18Z logger.go:66:                         }
TestTerraformConnectorExample 2022-08-03T16:04:18Z logger.go:66:                     }
TestTerraformConnectorExample 2022-08-03T16:04:18Z logger.go:66:                 }
TestTerraformConnectorExample 2022-08-03T16:04:18Z logger.go:66:               - storageClass       = {
TestTerraformConnectorExample 2022-08-03T16:04:18Z logger.go:66:                   - name = null
TestTerraformConnectorExample 2022-08-03T16:04:18Z logger.go:66:                 }
TestTerraformConnectorExample 2022-08-03T16:04:18Z logger.go:66:               - telemetry          = {
TestTerraformConnectorExample 2022-08-03T16:04:18Z logger.go:66:                   - global = null
TestTerraformConnectorExample 2022-08-03T16:04:18Z logger.go:66:                 }
TestTerraformConnectorExample 2022-08-03T16:04:18Z logger.go:66:               - tls                = {
TestTerraformConnectorExample 2022-08-03T16:04:18Z logger.go:66:                   - autoGeneratedCerts       = null
TestTerraformConnectorExample 2022-08-03T16:04:18Z logger.go:66:                   - directoryPathInContainer = null
TestTerraformConnectorExample 2022-08-03T16:04:18Z logger.go:66:                   - ignoreTrustStoreConfig   = null
TestTerraformConnectorExample 2022-08-03T16:04:18Z logger.go:66:                   - jksPassword              = {
TestTerraformConnectorExample 2022-08-03T16:04:18Z logger.go:66:                       - secretRef = null
TestTerraformConnectorExample 2022-08-03T16:04:18Z logger.go:66:                     }
TestTerraformConnectorExample 2022-08-03T16:04:18Z logger.go:66:                   - secretRef                = null
TestTerraformConnectorExample 2022-08-03T16:04:18Z logger.go:66:                 }
TestTerraformConnectorExample 2022-08-03T16:04:18Z logger.go:66:             }
TestTerraformConnectorExample 2022-08-03T16:04:18Z logger.go:66:         } -> null
TestTerraformConnectorExample 2022-08-03T16:04:18Z logger.go:66:
TestTerraformConnectorExample 2022-08-03T16:04:18Z logger.go:66:       - timeouts {
TestTerraformConnectorExample 2022-08-03T16:04:18Z logger.go:66:           - create = "1h" -> null
TestTerraformConnectorExample 2022-08-03T16:04:18Z logger.go:66:           - delete = "10m" -> null
TestTerraformConnectorExample 2022-08-03T16:04:18Z logger.go:66:           - update = "1h" -> null
TestTerraformConnectorExample 2022-08-03T16:04:18Z logger.go:66:         }
TestTerraformConnectorExample 2022-08-03T16:04:18Z logger.go:66:
TestTerraformConnectorExample 2022-08-03T16:04:18Z logger.go:66:       - wait {
TestTerraformConnectorExample 2022-08-03T16:04:18Z logger.go:66:           - fields = {
TestTerraformConnectorExample 2022-08-03T16:04:18Z logger.go:66:               - "status.phase" = "RUNNING"
TestTerraformConnectorExample 2022-08-03T16:04:18Z logger.go:66:             } -> null
TestTerraformConnectorExample 2022-08-03T16:04:18Z logger.go:66:         }
TestTerraformConnectorExample 2022-08-03T16:04:18Z logger.go:66:     }
TestTerraformConnectorExample 2022-08-03T16:04:18Z logger.go:66:
TestTerraformConnectorExample 2022-08-03T16:04:18Z logger.go:66:   # module.confluent_platform.kubernetes_manifest.components["zookeeper"] will be destroyed
TestTerraformConnectorExample 2022-08-03T16:04:18Z logger.go:66:   - resource "kubernetes_manifest" "components" {
TestTerraformConnectorExample 2022-08-03T16:04:18Z logger.go:66:       - computed_fields = [
TestTerraformConnectorExample 2022-08-03T16:04:18Z logger.go:66:           - "metadata.finalizers",
TestTerraformConnectorExample 2022-08-03T16:04:18Z logger.go:66:         ] -> null
TestTerraformConnectorExample 2022-08-03T16:04:18Z logger.go:66:       - manifest        = {
TestTerraformConnectorExample 2022-08-03T16:04:18Z logger.go:66:           - apiVersion = "platform.confluent.io/v1beta1"
TestTerraformConnectorExample 2022-08-03T16:04:18Z logger.go:66:           - kind       = "Zookeeper"
TestTerraformConnectorExample 2022-08-03T16:04:18Z logger.go:66:           - metadata   = {
TestTerraformConnectorExample 2022-08-03T16:04:18Z logger.go:66:               - name      = "zookeeper"
TestTerraformConnectorExample 2022-08-03T16:04:18Z logger.go:66:               - namespace = "confluent"
TestTerraformConnectorExample 2022-08-03T16:04:18Z logger.go:66:             }
TestTerraformConnectorExample 2022-08-03T16:04:18Z logger.go:66:           - spec       = {
TestTerraformConnectorExample 2022-08-03T16:04:18Z logger.go:66:               - dataVolumeCapacity = "10Gi"
TestTerraformConnectorExample 2022-08-03T16:04:18Z logger.go:66:               - image              = {
TestTerraformConnectorExample 2022-08-03T16:04:18Z logger.go:66:                   - application = "confluentinc/cp-zookeeper:7.2.0"
TestTerraformConnectorExample 2022-08-03T16:04:18Z logger.go:66:                   - init        = "confluentinc/confluent-init-container:2.4.0"
TestTerraformConnectorExample 2022-08-03T16:04:18Z logger.go:66:                 }
TestTerraformConnectorExample 2022-08-03T16:04:18Z logger.go:66:               - logVolumeCapacity  = "10Gi"
TestTerraformConnectorExample 2022-08-03T16:04:18Z logger.go:66:               - replicas           = 3
TestTerraformConnectorExample 2022-08-03T16:04:18Z logger.go:66:             }
TestTerraformConnectorExample 2022-08-03T16:04:18Z logger.go:66:         } -> null
TestTerraformConnectorExample 2022-08-03T16:04:18Z logger.go:66:       - object          = {
TestTerraformConnectorExample 2022-08-03T16:04:18Z logger.go:66:           - apiVersion = "platform.confluent.io/v1beta1"
TestTerraformConnectorExample 2022-08-03T16:04:18Z logger.go:66:           - kind       = "Zookeeper"
TestTerraformConnectorExample 2022-08-03T16:04:18Z logger.go:66:           - metadata   = {
TestTerraformConnectorExample 2022-08-03T16:04:18Z logger.go:66:               - annotations                = null
TestTerraformConnectorExample 2022-08-03T16:04:18Z logger.go:66:               - clusterName                = null
TestTerraformConnectorExample 2022-08-03T16:04:18Z logger.go:66:               - creationTimestamp          = null
TestTerraformConnectorExample 2022-08-03T16:04:18Z logger.go:66:               - deletionGracePeriodSeconds = null
TestTerraformConnectorExample 2022-08-03T16:04:18Z logger.go:66:               - deletionTimestamp          = null
TestTerraformConnectorExample 2022-08-03T16:04:18Z logger.go:66:               - finalizers                 = [
TestTerraformConnectorExample 2022-08-03T16:04:18Z logger.go:66:                   - "zookeeper.finalizers.platform.confluent.io",
TestTerraformConnectorExample 2022-08-03T16:04:18Z logger.go:66:                 ]
TestTerraformConnectorExample 2022-08-03T16:04:18Z logger.go:66:               - generateName               = null
TestTerraformConnectorExample 2022-08-03T16:04:18Z logger.go:66:               - generation                 = null
TestTerraformConnectorExample 2022-08-03T16:04:18Z logger.go:66:               - labels                     = null
TestTerraformConnectorExample 2022-08-03T16:04:18Z logger.go:66:               - managedFields              = null
TestTerraformConnectorExample 2022-08-03T16:04:18Z logger.go:66:               - name                       = "zookeeper"
TestTerraformConnectorExample 2022-08-03T16:04:18Z logger.go:66:               - namespace                  = "confluent"
TestTerraformConnectorExample 2022-08-03T16:04:18Z logger.go:66:               - ownerReferences            = null
TestTerraformConnectorExample 2022-08-03T16:04:18Z logger.go:66:               - resourceVersion            = null
TestTerraformConnectorExample 2022-08-03T16:04:18Z logger.go:66:               - selfLink                   = null
TestTerraformConnectorExample 2022-08-03T16:04:18Z logger.go:66:               - uid                        = null
TestTerraformConnectorExample 2022-08-03T16:04:18Z logger.go:66:             }
TestTerraformConnectorExample 2022-08-03T16:04:18Z logger.go:66:           - spec       = {
TestTerraformConnectorExample 2022-08-03T16:04:18Z logger.go:66:               - authentication     = {
TestTerraformConnectorExample 2022-08-03T16:04:18Z logger.go:66:                   - jaasConfig            = {
TestTerraformConnectorExample 2022-08-03T16:04:18Z logger.go:66:                       - secretRef = null
TestTerraformConnectorExample 2022-08-03T16:04:18Z logger.go:66:                     }
TestTerraformConnectorExample 2022-08-03T16:04:18Z logger.go:66:                   - jaasConfigPassThrough = {
TestTerraformConnectorExample 2022-08-03T16:04:18Z logger.go:66:                       - directoryPathInContainer = null
TestTerraformConnectorExample 2022-08-03T16:04:18Z logger.go:66:                       - secretRef                = null
TestTerraformConnectorExample 2022-08-03T16:04:18Z logger.go:66:                     }
TestTerraformConnectorExample 2022-08-03T16:04:18Z logger.go:66:                   - principalMappingRules = null
TestTerraformConnectorExample 2022-08-03T16:04:18Z logger.go:66:                   - type                  = null
TestTerraformConnectorExample 2022-08-03T16:04:18Z logger.go:66:                 }
TestTerraformConnectorExample 2022-08-03T16:04:18Z logger.go:66:               - configOverrides    = {
TestTerraformConnectorExample 2022-08-03T16:04:18Z logger.go:66:                   - jvm    = null
TestTerraformConnectorExample 2022-08-03T16:04:18Z logger.go:66:                   - log4j  = null
TestTerraformConnectorExample 2022-08-03T16:04:18Z logger.go:66:                   - peers  = null
TestTerraformConnectorExample 2022-08-03T16:04:18Z logger.go:66:                   - server = null
TestTerraformConnectorExample 2022-08-03T16:04:18Z logger.go:66:                 }
TestTerraformConnectorExample 2022-08-03T16:04:18Z logger.go:66:               - dataVolumeCapacity = "10Gi"
TestTerraformConnectorExample 2022-08-03T16:04:18Z logger.go:66:               - headlessService    = {
TestTerraformConnectorExample 2022-08-03T16:04:18Z logger.go:66:                   - annotations              = null
TestTerraformConnectorExample 2022-08-03T16:04:18Z logger.go:66:                   - labels                   = null
TestTerraformConnectorExample 2022-08-03T16:04:18Z logger.go:66:                   - publishNotReadyAddresses = null
TestTerraformConnectorExample 2022-08-03T16:04:18Z logger.go:66:                 }
TestTerraformConnectorExample 2022-08-03T16:04:18Z logger.go:66:               - image              = {
TestTerraformConnectorExample 2022-08-03T16:04:18Z logger.go:66:                   - application   = "confluentinc/cp-zookeeper:7.2.0"
TestTerraformConnectorExample 2022-08-03T16:04:18Z logger.go:66:                   - init          = "confluentinc/confluent-init-container:2.4.0"
TestTerraformConnectorExample 2022-08-03T16:04:18Z logger.go:66:                   - pullPolicy    = null
TestTerraformConnectorExample 2022-08-03T16:04:18Z logger.go:66:                   - pullSecretRef = null
TestTerraformConnectorExample 2022-08-03T16:04:18Z logger.go:66:                 }
TestTerraformConnectorExample 2022-08-03T16:04:18Z logger.go:66:               - injectAnnotations  = null
TestTerraformConnectorExample 2022-08-03T16:04:18Z logger.go:66:               - injectLabels       = null
TestTerraformConnectorExample 2022-08-03T16:04:18Z logger.go:66:               - k8sClusterDomain   = null
TestTerraformConnectorExample 2022-08-03T16:04:18Z logger.go:66:               - license            = {
TestTerraformConnectorExample 2022-08-03T16:04:18Z logger.go:66:                   - directoryPathInContainer = null
TestTerraformConnectorExample 2022-08-03T16:04:18Z logger.go:66:                   - globalLicense            = null
TestTerraformConnectorExample 2022-08-03T16:04:18Z logger.go:66:                   - secretRef                = null
TestTerraformConnectorExample 2022-08-03T16:04:18Z logger.go:66:                 }
TestTerraformConnectorExample 2022-08-03T16:04:18Z logger.go:66:               - logVolumeCapacity  = "10Gi"
TestTerraformConnectorExample 2022-08-03T16:04:18Z logger.go:66:               - metrics            = {
TestTerraformConnectorExample 2022-08-03T16:04:18Z logger.go:66:                   - authentication = {
TestTerraformConnectorExample 2022-08-03T16:04:18Z logger.go:66:                       - type = null
TestTerraformConnectorExample 2022-08-03T16:04:18Z logger.go:66:                     }
TestTerraformConnectorExample 2022-08-03T16:04:18Z logger.go:66:                   - prometheus     = {
TestTerraformConnectorExample 2022-08-03T16:04:18Z logger.go:66:                       - blacklist = null
TestTerraformConnectorExample 2022-08-03T16:04:18Z logger.go:66:                       - rules     = null
TestTerraformConnectorExample 2022-08-03T16:04:18Z logger.go:66:                       - whitelist = null
TestTerraformConnectorExample 2022-08-03T16:04:18Z logger.go:66:                     }
TestTerraformConnectorExample 2022-08-03T16:04:18Z logger.go:66:                   - tls            = {
TestTerraformConnectorExample 2022-08-03T16:04:18Z logger.go:66:                       - directoryPathInContainer = null
TestTerraformConnectorExample 2022-08-03T16:04:18Z logger.go:66:                       - enabled                  = null
TestTerraformConnectorExample 2022-08-03T16:04:18Z logger.go:66:                       - ignoreTrustStoreConfig   = null
TestTerraformConnectorExample 2022-08-03T16:04:18Z logger.go:66:                       - jksPassword              = {
TestTerraformConnectorExample 2022-08-03T16:04:18Z logger.go:66:                           - secretRef = null
TestTerraformConnectorExample 2022-08-03T16:04:18Z logger.go:66:                         }
TestTerraformConnectorExample 2022-08-03T16:04:18Z logger.go:66:                       - secretRef                = null
TestTerraformConnectorExample 2022-08-03T16:04:18Z logger.go:66:                     }
TestTerraformConnectorExample 2022-08-03T16:04:18Z logger.go:66:                 }
TestTerraformConnectorExample 2022-08-03T16:04:18Z logger.go:66:               - mountedSecrets     = null
TestTerraformConnectorExample 2022-08-03T16:04:18Z logger.go:66:               - mountedVolumes     = {
TestTerraformConnectorExample 2022-08-03T16:04:18Z logger.go:66:                   - volumeMounts = null
TestTerraformConnectorExample 2022-08-03T16:04:18Z logger.go:66:                   - volumes      = null
TestTerraformConnectorExample 2022-08-03T16:04:18Z logger.go:66:                 }
TestTerraformConnectorExample 2022-08-03T16:04:18Z logger.go:66:               - oneReplicaPerNode  = null
TestTerraformConnectorExample 2022-08-03T16:04:18Z logger.go:66:               - podTemplate        = {
TestTerraformConnectorExample 2022-08-03T16:04:18Z logger.go:66:                   - affinity                      = {
TestTerraformConnectorExample 2022-08-03T16:04:18Z logger.go:66:                       - nodeAffinity    = {
TestTerraformConnectorExample 2022-08-03T16:04:18Z logger.go:66:                           - preferredDuringSchedulingIgnoredDuringExecution = null
TestTerraformConnectorExample 2022-08-03T16:04:18Z logger.go:66:                           - requiredDuringSchedulingIgnoredDuringExecution  = {
TestTerraformConnectorExample 2022-08-03T16:04:18Z logger.go:66:                               - nodeSelectorTerms = null
TestTerraformConnectorExample 2022-08-03T16:04:18Z logger.go:66:                             }
TestTerraformConnectorExample 2022-08-03T16:04:18Z logger.go:66:                         }
TestTerraformConnectorExample 2022-08-03T16:04:18Z logger.go:66:                       - podAffinity     = {
TestTerraformConnectorExample 2022-08-03T16:04:18Z logger.go:66:                           - preferredDuringSchedulingIgnoredDuringExecution = null
TestTerraformConnectorExample 2022-08-03T16:04:18Z logger.go:66:                           - requiredDuringSchedulingIgnoredDuringExecution  = null
TestTerraformConnectorExample 2022-08-03T16:04:18Z logger.go:66:                         }
TestTerraformConnectorExample 2022-08-03T16:04:18Z logger.go:66:                       - podAntiAffinity = {
TestTerraformConnectorExample 2022-08-03T16:04:18Z logger.go:66:                           - preferredDuringSchedulingIgnoredDuringExecution = null
TestTerraformConnectorExample 2022-08-03T16:04:18Z logger.go:66:                           - requiredDuringSchedulingIgnoredDuringExecution  = null
TestTerraformConnectorExample 2022-08-03T16:04:18Z logger.go:66:                         }
TestTerraformConnectorExample 2022-08-03T16:04:18Z logger.go:66:                     }
TestTerraformConnectorExample 2022-08-03T16:04:18Z logger.go:66:                   - annotations                   = null
TestTerraformConnectorExample 2022-08-03T16:04:18Z logger.go:66:                   - envVars                       = null
TestTerraformConnectorExample 2022-08-03T16:04:18Z logger.go:66:                   - labels                        = null
TestTerraformConnectorExample 2022-08-03T16:04:18Z logger.go:66:                   - podSecurityContext            = {
TestTerraformConnectorExample 2022-08-03T16:04:18Z logger.go:66:                       - fsGroup             = null
TestTerraformConnectorExample 2022-08-03T16:04:18Z logger.go:66:                       - fsGroupChangePolicy = null
TestTerraformConnectorExample 2022-08-03T16:04:18Z logger.go:66:                       - runAsGroup          = null
TestTerraformConnectorExample 2022-08-03T16:04:18Z logger.go:66:                       - runAsNonRoot        = null
TestTerraformConnectorExample 2022-08-03T16:04:18Z logger.go:66:                       - runAsUser           = null
TestTerraformConnectorExample 2022-08-03T16:04:18Z logger.go:66:                       - seLinuxOptions      = {
TestTerraformConnectorExample 2022-08-03T16:04:18Z logger.go:66:                           - level = null
TestTerraformConnectorExample 2022-08-03T16:04:18Z logger.go:66:                           - role  = null
TestTerraformConnectorExample 2022-08-03T16:04:18Z logger.go:66:                           - type  = null
TestTerraformConnectorExample 2022-08-03T16:04:18Z logger.go:66:                           - user  = null
TestTerraformConnectorExample 2022-08-03T16:04:18Z logger.go:66:                         }
TestTerraformConnectorExample 2022-08-03T16:04:18Z logger.go:66:                       - seccompProfile      = {
TestTerraformConnectorExample 2022-08-03T16:04:18Z logger.go:66:                           - localhostProfile = null
TestTerraformConnectorExample 2022-08-03T16:04:18Z logger.go:66:                           - type             = null
TestTerraformConnectorExample 2022-08-03T16:04:18Z logger.go:66:                         }
TestTerraformConnectorExample 2022-08-03T16:04:18Z logger.go:66:                       - supplementalGroups  = null
TestTerraformConnectorExample 2022-08-03T16:04:18Z logger.go:66:                       - sysctls             = null
TestTerraformConnectorExample 2022-08-03T16:04:18Z logger.go:66:                       - windowsOptions      = {
TestTerraformConnectorExample 2022-08-03T16:04:18Z logger.go:66:                           - gmsaCredentialSpec     = null
TestTerraformConnectorExample 2022-08-03T16:04:18Z logger.go:66:                           - gmsaCredentialSpecName = null
TestTerraformConnectorExample 2022-08-03T16:04:18Z logger.go:66:                           - hostProcess            = null
TestTerraformConnectorExample 2022-08-03T16:04:18Z logger.go:66:                           - runAsUserName          = null
TestTerraformConnectorExample 2022-08-03T16:04:18Z logger.go:66:                         }
TestTerraformConnectorExample 2022-08-03T16:04:18Z logger.go:66:                     }
TestTerraformConnectorExample 2022-08-03T16:04:18Z logger.go:66:                   - priorityClassName             = null
TestTerraformConnectorExample 2022-08-03T16:04:18Z logger.go:66:                   - probe                         = {
TestTerraformConnectorExample 2022-08-03T16:04:18Z logger.go:66:                       - liveness  = {
TestTerraformConnectorExample 2022-08-03T16:04:18Z logger.go:66:                           - failureThreshold    = null
TestTerraformConnectorExample 2022-08-03T16:04:18Z logger.go:66:                           - initialDelaySeconds = null
TestTerraformConnectorExample 2022-08-03T16:04:18Z logger.go:66:                           - periodSeconds       = null
TestTerraformConnectorExample 2022-08-03T16:04:18Z logger.go:66:                           - successThreshold    = null
TestTerraformConnectorExample 2022-08-03T16:04:18Z logger.go:66:                           - timeoutSeconds      = null
TestTerraformConnectorExample 2022-08-03T16:04:18Z logger.go:66:                         }
TestTerraformConnectorExample 2022-08-03T16:04:18Z logger.go:66:                       - readiness = {
TestTerraformConnectorExample 2022-08-03T16:04:18Z logger.go:66:                           - failureThreshold    = null
TestTerraformConnectorExample 2022-08-03T16:04:18Z logger.go:66:                           - initialDelaySeconds = null
TestTerraformConnectorExample 2022-08-03T16:04:18Z logger.go:66:                           - periodSeconds       = null
TestTerraformConnectorExample 2022-08-03T16:04:18Z logger.go:66:                           - successThreshold    = null
TestTerraformConnectorExample 2022-08-03T16:04:18Z logger.go:66:                           - timeoutSeconds      = null
TestTerraformConnectorExample 2022-08-03T16:04:18Z logger.go:66:                         }
TestTerraformConnectorExample 2022-08-03T16:04:18Z logger.go:66:                     }
TestTerraformConnectorExample 2022-08-03T16:04:18Z logger.go:66:                   - resources                     = {
TestTerraformConnectorExample 2022-08-03T16:04:18Z logger.go:66:                       - limits   = null
TestTerraformConnectorExample 2022-08-03T16:04:18Z logger.go:66:                       - requests = null
TestTerraformConnectorExample 2022-08-03T16:04:18Z logger.go:66:                     }
TestTerraformConnectorExample 2022-08-03T16:04:18Z logger.go:66:                   - securityContext               = {
TestTerraformConnectorExample 2022-08-03T16:04:18Z logger.go:66:                       - allowPrivilegeEscalation = null
TestTerraformConnectorExample 2022-08-03T16:04:18Z logger.go:66:                       - capabilities             = {
TestTerraformConnectorExample 2022-08-03T16:04:18Z logger.go:66:                           - add  = null
TestTerraformConnectorExample 2022-08-03T16:04:18Z logger.go:66:                           - drop = null
TestTerraformConnectorExample 2022-08-03T16:04:18Z logger.go:66:                         }
TestTerraformConnectorExample 2022-08-03T16:04:18Z logger.go:66:                       - privileged               = null
TestTerraformConnectorExample 2022-08-03T16:04:18Z logger.go:66:                       - procMount                = null
TestTerraformConnectorExample 2022-08-03T16:04:18Z logger.go:66:                       - readOnlyRootFilesystem   = null
TestTerraformConnectorExample 2022-08-03T16:04:18Z logger.go:66:                       - runAsGroup               = null
TestTerraformConnectorExample 2022-08-03T16:04:18Z logger.go:66:                       - runAsNonRoot             = null
TestTerraformConnectorExample 2022-08-03T16:04:18Z logger.go:66:                       - runAsUser                = null
TestTerraformConnectorExample 2022-08-03T16:04:18Z logger.go:66:                       - seLinuxOptions           = {
TestTerraformConnectorExample 2022-08-03T16:04:18Z logger.go:66:                           - level = null
TestTerraformConnectorExample 2022-08-03T16:04:18Z logger.go:66:                           - role  = null
TestTerraformConnectorExample 2022-08-03T16:04:18Z logger.go:66:                           - type  = null
TestTerraformConnectorExample 2022-08-03T16:04:18Z logger.go:66:                           - user  = null
TestTerraformConnectorExample 2022-08-03T16:04:18Z logger.go:66:                         }
TestTerraformConnectorExample 2022-08-03T16:04:18Z logger.go:66:                       - seccompProfile           = {
TestTerraformConnectorExample 2022-08-03T16:04:18Z logger.go:66:                           - localhostProfile = null
TestTerraformConnectorExample 2022-08-03T16:04:18Z logger.go:66:                           - type             = null
TestTerraformConnectorExample 2022-08-03T16:04:18Z logger.go:66:                         }
TestTerraformConnectorExample 2022-08-03T16:04:18Z logger.go:66:                       - windowsOptions           = {
TestTerraformConnectorExample 2022-08-03T16:04:18Z logger.go:66:                           - gmsaCredentialSpec     = null
TestTerraformConnectorExample 2022-08-03T16:04:18Z logger.go:66:                           - gmsaCredentialSpecName = null
TestTerraformConnectorExample 2022-08-03T16:04:18Z logger.go:66:                           - hostProcess            = null
TestTerraformConnectorExample 2022-08-03T16:04:18Z logger.go:66:                           - runAsUserName          = null
TestTerraformConnectorExample 2022-08-03T16:04:18Z logger.go:66:                         }
TestTerraformConnectorExample 2022-08-03T16:04:18Z logger.go:66:                     }
TestTerraformConnectorExample 2022-08-03T16:04:18Z logger.go:66:                   - serviceAccountName            = null
TestTerraformConnectorExample 2022-08-03T16:04:18Z logger.go:66:                   - terminationGracePeriodSeconds = null
TestTerraformConnectorExample 2022-08-03T16:04:18Z logger.go:66:                   - tolerations                   = null
TestTerraformConnectorExample 2022-08-03T16:04:18Z logger.go:66:                   - topologySpreadConstraints     = null
TestTerraformConnectorExample 2022-08-03T16:04:18Z logger.go:66:                 }
TestTerraformConnectorExample 2022-08-03T16:04:18Z logger.go:66:               - replicas           = 3
TestTerraformConnectorExample 2022-08-03T16:04:18Z logger.go:66:               - storageClass       = {
TestTerraformConnectorExample 2022-08-03T16:04:18Z logger.go:66:                   - name = null
TestTerraformConnectorExample 2022-08-03T16:04:18Z logger.go:66:                 }
TestTerraformConnectorExample 2022-08-03T16:04:18Z logger.go:66:               - tls                = {
TestTerraformConnectorExample 2022-08-03T16:04:18Z logger.go:66:                   - autoGeneratedCerts       = null
TestTerraformConnectorExample 2022-08-03T16:04:18Z logger.go:66:                   - directoryPathInContainer = null
TestTerraformConnectorExample 2022-08-03T16:04:18Z logger.go:66:                   - ignoreTrustStoreConfig   = null
TestTerraformConnectorExample 2022-08-03T16:04:18Z logger.go:66:                   - jksPassword              = {
TestTerraformConnectorExample 2022-08-03T16:04:18Z logger.go:66:                       - secretRef = null
TestTerraformConnectorExample 2022-08-03T16:04:18Z logger.go:66:                     }
TestTerraformConnectorExample 2022-08-03T16:04:18Z logger.go:66:                   - secretRef                = null
TestTerraformConnectorExample 2022-08-03T16:04:18Z logger.go:66:                 }
TestTerraformConnectorExample 2022-08-03T16:04:18Z logger.go:66:             }
TestTerraformConnectorExample 2022-08-03T16:04:18Z logger.go:66:         } -> null
TestTerraformConnectorExample 2022-08-03T16:04:18Z logger.go:66:
TestTerraformConnectorExample 2022-08-03T16:04:18Z logger.go:66:       - timeouts {
TestTerraformConnectorExample 2022-08-03T16:04:18Z logger.go:66:           - create = "1h" -> null
TestTerraformConnectorExample 2022-08-03T16:04:18Z logger.go:66:           - delete = "10m" -> null
TestTerraformConnectorExample 2022-08-03T16:04:18Z logger.go:66:           - update = "1h" -> null
TestTerraformConnectorExample 2022-08-03T16:04:18Z logger.go:66:         }
TestTerraformConnectorExample 2022-08-03T16:04:18Z logger.go:66:
TestTerraformConnectorExample 2022-08-03T16:04:18Z logger.go:66:       - wait {
TestTerraformConnectorExample 2022-08-03T16:04:18Z logger.go:66:           - fields = {
TestTerraformConnectorExample 2022-08-03T16:04:18Z logger.go:66:               - "status.phase" = "RUNNING"
TestTerraformConnectorExample 2022-08-03T16:04:18Z logger.go:66:             } -> null
TestTerraformConnectorExample 2022-08-03T16:04:18Z logger.go:66:         }
TestTerraformConnectorExample 2022-08-03T16:04:18Z logger.go:66:     }
TestTerraformConnectorExample 2022-08-03T16:04:18Z logger.go:66:
TestTerraformConnectorExample 2022-08-03T16:04:18Z logger.go:66:   # module.connector.kubernetes_manifest.connector will be destroyed
TestTerraformConnectorExample 2022-08-03T16:04:18Z logger.go:66:   - resource "kubernetes_manifest" "connector" {
TestTerraformConnectorExample 2022-08-03T16:04:18Z logger.go:66:       - computed_fields = [
TestTerraformConnectorExample 2022-08-03T16:04:18Z logger.go:66:           - "metadata.finalizers",
TestTerraformConnectorExample 2022-08-03T16:04:18Z logger.go:66:         ] -> null
TestTerraformConnectorExample 2022-08-03T16:04:18Z logger.go:66:       - manifest        = {
TestTerraformConnectorExample 2022-08-03T16:04:18Z logger.go:66:           - apiVersion = "platform.confluent.io/v1beta1"
TestTerraformConnectorExample 2022-08-03T16:04:18Z logger.go:66:           - kind       = "Connector"
TestTerraformConnectorExample 2022-08-03T16:04:18Z logger.go:66:           - metadata   = {
TestTerraformConnectorExample 2022-08-03T16:04:18Z logger.go:66:               - name      = "my-connector"
TestTerraformConnectorExample 2022-08-03T16:04:18Z logger.go:66:               - namespace = "confluent"
TestTerraformConnectorExample 2022-08-03T16:04:18Z logger.go:66:             }
TestTerraformConnectorExample 2022-08-03T16:04:18Z logger.go:66:           - spec       = {
TestTerraformConnectorExample 2022-08-03T16:04:18Z logger.go:66:               - class             = "org.apache.kafka.connect.mirror.MirrorSourceConnector"
TestTerraformConnectorExample 2022-08-03T16:04:18Z logger.go:66:               - configs           = {
TestTerraformConnectorExample 2022-08-03T16:04:18Z logger.go:66:                   - "source.cluster.alias"             = "self"
TestTerraformConnectorExample 2022-08-03T16:04:18Z logger.go:66:                   - "source.cluster.bootstrap.servers" = "kafka:9092"
TestTerraformConnectorExample 2022-08-03T16:04:18Z logger.go:66:                   - "target.cluster.bootstrap.servers" = "kafka:9092"
TestTerraformConnectorExample 2022-08-03T16:04:18Z logger.go:66:                   - topics                             = "my-topic"
TestTerraformConnectorExample 2022-08-03T16:04:18Z logger.go:66:                 }
TestTerraformConnectorExample 2022-08-03T16:04:18Z logger.go:66:               - connectClusterRef = {
TestTerraformConnectorExample 2022-08-03T16:04:18Z logger.go:66:                   - name = "connect"
TestTerraformConnectorExample 2022-08-03T16:04:18Z logger.go:66:                 }
TestTerraformConnectorExample 2022-08-03T16:04:18Z logger.go:66:               - taskMax           = 1
TestTerraformConnectorExample 2022-08-03T16:04:18Z logger.go:66:             }
TestTerraformConnectorExample 2022-08-03T16:04:18Z logger.go:66:         } -> null
TestTerraformConnectorExample 2022-08-03T16:04:18Z logger.go:66:       - object          = {
TestTerraformConnectorExample 2022-08-03T16:04:18Z logger.go:66:           - apiVersion = "platform.confluent.io/v1beta1"
TestTerraformConnectorExample 2022-08-03T16:04:18Z logger.go:66:           - kind       = "Connector"
TestTerraformConnectorExample 2022-08-03T16:04:18Z logger.go:66:           - metadata   = {
TestTerraformConnectorExample 2022-08-03T16:04:18Z logger.go:66:               - annotations                = null
TestTerraformConnectorExample 2022-08-03T16:04:18Z logger.go:66:               - clusterName                = null
TestTerraformConnectorExample 2022-08-03T16:04:18Z logger.go:66:               - creationTimestamp          = null
TestTerraformConnectorExample 2022-08-03T16:04:18Z logger.go:66:               - deletionGracePeriodSeconds = null
TestTerraformConnectorExample 2022-08-03T16:04:18Z logger.go:66:               - deletionTimestamp          = null
TestTerraformConnectorExample 2022-08-03T16:04:18Z logger.go:66:               - finalizers                 = [
TestTerraformConnectorExample 2022-08-03T16:04:18Z logger.go:66:                   - "connector.finalizers.platform.confluent.io",
TestTerraformConnectorExample 2022-08-03T16:04:18Z logger.go:66:                 ]
TestTerraformConnectorExample 2022-08-03T16:04:18Z logger.go:66:               - generateName               = null
TestTerraformConnectorExample 2022-08-03T16:04:18Z logger.go:66:               - generation                 = null
TestTerraformConnectorExample 2022-08-03T16:04:18Z logger.go:66:               - labels                     = null
TestTerraformConnectorExample 2022-08-03T16:04:18Z logger.go:66:               - managedFields              = null
TestTerraformConnectorExample 2022-08-03T16:04:18Z logger.go:66:               - name                       = "my-connector"
TestTerraformConnectorExample 2022-08-03T16:04:18Z logger.go:66:               - namespace                  = "confluent"
TestTerraformConnectorExample 2022-08-03T16:04:18Z logger.go:66:               - ownerReferences            = [
TestTerraformConnectorExample 2022-08-03T16:04:18Z logger.go:66:                   - {
TestTerraformConnectorExample 2022-08-03T16:04:18Z logger.go:66:                       - apiVersion         = "platform.confluent.io/v1beta1"
TestTerraformConnectorExample 2022-08-03T16:04:18Z logger.go:66:                       - blockOwnerDeletion = true
TestTerraformConnectorExample 2022-08-03T16:04:18Z logger.go:66:                       - controller         = true
TestTerraformConnectorExample 2022-08-03T16:04:18Z logger.go:66:                       - kind               = "Connect"
TestTerraformConnectorExample 2022-08-03T16:04:18Z logger.go:66:                       - name               = "connect"
TestTerraformConnectorExample 2022-08-03T16:04:18Z logger.go:66:                       - uid                = "ce5853b9-f313-4def-a063-f8615761e177"
TestTerraformConnectorExample 2022-08-03T16:04:18Z logger.go:66:                     },
TestTerraformConnectorExample 2022-08-03T16:04:18Z logger.go:66:                 ]
TestTerraformConnectorExample 2022-08-03T16:04:18Z logger.go:66:               - resourceVersion            = null
TestTerraformConnectorExample 2022-08-03T16:04:18Z logger.go:66:               - selfLink                   = null
TestTerraformConnectorExample 2022-08-03T16:04:18Z logger.go:66:               - uid                        = null
TestTerraformConnectorExample 2022-08-03T16:04:18Z logger.go:66:             }
TestTerraformConnectorExample 2022-08-03T16:04:18Z logger.go:66:           - spec       = {
TestTerraformConnectorExample 2022-08-03T16:04:18Z logger.go:66:               - class             = "org.apache.kafka.connect.mirror.MirrorSourceConnector"
TestTerraformConnectorExample 2022-08-03T16:04:18Z logger.go:66:               - configs           = {
TestTerraformConnectorExample 2022-08-03T16:04:18Z logger.go:66:                   - "source.cluster.alias"             = "self"
TestTerraformConnectorExample 2022-08-03T16:04:18Z logger.go:66:                   - "source.cluster.bootstrap.servers" = "kafka:9092"
TestTerraformConnectorExample 2022-08-03T16:04:18Z logger.go:66:                   - "target.cluster.bootstrap.servers" = "kafka:9092"
TestTerraformConnectorExample 2022-08-03T16:04:18Z logger.go:66:                   - "topics"                           = "my-topic"
TestTerraformConnectorExample 2022-08-03T16:04:18Z logger.go:66:                 }
TestTerraformConnectorExample 2022-08-03T16:04:18Z logger.go:66:               - connectClusterRef = {
TestTerraformConnectorExample 2022-08-03T16:04:18Z logger.go:66:                   - name      = "connect"
TestTerraformConnectorExample 2022-08-03T16:04:18Z logger.go:66:                   - namespace = null
TestTerraformConnectorExample 2022-08-03T16:04:18Z logger.go:66:                 }
TestTerraformConnectorExample 2022-08-03T16:04:18Z logger.go:66:               - connectRest       = {
TestTerraformConnectorExample 2022-08-03T16:04:18Z logger.go:66:                   - authentication = {
TestTerraformConnectorExample 2022-08-03T16:04:18Z logger.go:66:                       - basic  = {
TestTerraformConnectorExample 2022-08-03T16:04:18Z logger.go:66:                           - debug                    = null
TestTerraformConnectorExample 2022-08-03T16:04:18Z logger.go:66:                           - directoryPathInContainer = null
TestTerraformConnectorExample 2022-08-03T16:04:18Z logger.go:66:                           - restrictedRoles          = null
TestTerraformConnectorExample 2022-08-03T16:04:18Z logger.go:66:                           - roles                    = null
TestTerraformConnectorExample 2022-08-03T16:04:18Z logger.go:66:                           - secretRef                = null
TestTerraformConnectorExample 2022-08-03T16:04:18Z logger.go:66:                         }
TestTerraformConnectorExample 2022-08-03T16:04:18Z logger.go:66:                       - bearer = {
TestTerraformConnectorExample 2022-08-03T16:04:18Z logger.go:66:                           - directoryPathInContainer = null
TestTerraformConnectorExample 2022-08-03T16:04:18Z logger.go:66:                           - secretRef                = null
TestTerraformConnectorExample 2022-08-03T16:04:18Z logger.go:66:                         }
TestTerraformConnectorExample 2022-08-03T16:04:18Z logger.go:66:                       - type   = null
TestTerraformConnectorExample 2022-08-03T16:04:18Z logger.go:66:                     }
TestTerraformConnectorExample 2022-08-03T16:04:18Z logger.go:66:                   - endpoint       = null
TestTerraformConnectorExample 2022-08-03T16:04:18Z logger.go:66:                   - kafkaClusterID = null
TestTerraformConnectorExample 2022-08-03T16:04:18Z logger.go:66:                   - tls            = {
TestTerraformConnectorExample 2022-08-03T16:04:18Z logger.go:66:                       - directoryPathInContainer = null
TestTerraformConnectorExample 2022-08-03T16:04:18Z logger.go:66:                       - jksPassword              = {
TestTerraformConnectorExample 2022-08-03T16:04:18Z logger.go:66:                           - secretRef = null
TestTerraformConnectorExample 2022-08-03T16:04:18Z logger.go:66:                         }
TestTerraformConnectorExample 2022-08-03T16:04:18Z logger.go:66:                       - secretRef                = null
TestTerraformConnectorExample 2022-08-03T16:04:18Z logger.go:66:                     }
TestTerraformConnectorExample 2022-08-03T16:04:18Z logger.go:66:                 }
TestTerraformConnectorExample 2022-08-03T16:04:18Z logger.go:66:               - name              = null
TestTerraformConnectorExample 2022-08-03T16:04:18Z logger.go:66:               - restartPolicy     = {
TestTerraformConnectorExample 2022-08-03T16:04:18Z logger.go:66:                   - maxRetry = null
TestTerraformConnectorExample 2022-08-03T16:04:18Z logger.go:66:                   - type     = null
TestTerraformConnectorExample 2022-08-03T16:04:18Z logger.go:66:                 }
TestTerraformConnectorExample 2022-08-03T16:04:18Z logger.go:66:               - taskMax           = 1
TestTerraformConnectorExample 2022-08-03T16:04:18Z logger.go:66:             }
TestTerraformConnectorExample 2022-08-03T16:04:18Z logger.go:66:         } -> null
TestTerraformConnectorExample 2022-08-03T16:04:18Z logger.go:66:
TestTerraformConnectorExample 2022-08-03T16:04:18Z logger.go:66:       - timeouts {
TestTerraformConnectorExample 2022-08-03T16:04:18Z logger.go:66:           - create = "5m" -> null
TestTerraformConnectorExample 2022-08-03T16:04:18Z logger.go:66:           - delete = "5m" -> null
TestTerraformConnectorExample 2022-08-03T16:04:18Z logger.go:66:           - update = "5m" -> null
TestTerraformConnectorExample 2022-08-03T16:04:18Z logger.go:66:         }
TestTerraformConnectorExample 2022-08-03T16:04:18Z logger.go:66:
TestTerraformConnectorExample 2022-08-03T16:04:18Z logger.go:66:       - wait {
TestTerraformConnectorExample 2022-08-03T16:04:18Z logger.go:66:           - fields = {
TestTerraformConnectorExample 2022-08-03T16:04:18Z logger.go:66:               - "status.state" = "CREATED"
TestTerraformConnectorExample 2022-08-03T16:04:18Z logger.go:66:             } -> null
TestTerraformConnectorExample 2022-08-03T16:04:18Z logger.go:66:         }
TestTerraformConnectorExample 2022-08-03T16:04:18Z logger.go:66:     }
TestTerraformConnectorExample 2022-08-03T16:04:18Z logger.go:66:
TestTerraformConnectorExample 2022-08-03T16:04:18Z logger.go:66:   # module.confluent_platform.module.confluent_operator[0].helm_release.confluent_operator[0] will be destroyed
TestTerraformConnectorExample 2022-08-03T16:04:18Z logger.go:66:   - resource "helm_release" "confluent_operator" {
TestTerraformConnectorExample 2022-08-03T16:04:18Z logger.go:66:       - atomic                     = false -> null
TestTerraformConnectorExample 2022-08-03T16:04:18Z logger.go:66:       - chart                      = "confluent-for-kubernetes" -> null
TestTerraformConnectorExample 2022-08-03T16:04:18Z logger.go:66:       - cleanup_on_fail            = false -> null
TestTerraformConnectorExample 2022-08-03T16:04:18Z logger.go:66:       - create_namespace           = false -> null
TestTerraformConnectorExample 2022-08-03T16:04:18Z logger.go:66:       - dependency_update          = false -> null
TestTerraformConnectorExample 2022-08-03T16:04:18Z logger.go:66:       - disable_crd_hooks          = false -> null
TestTerraformConnectorExample 2022-08-03T16:04:18Z logger.go:66:       - disable_openapi_validation = false -> null
TestTerraformConnectorExample 2022-08-03T16:04:18Z logger.go:66:       - disable_webhooks           = false -> null
TestTerraformConnectorExample 2022-08-03T16:04:18Z logger.go:66:       - force_update               = false -> null
TestTerraformConnectorExample 2022-08-03T16:04:18Z logger.go:66:       - id                         = "confluent-operator" -> null
TestTerraformConnectorExample 2022-08-03T16:04:18Z logger.go:66:       - lint                       = false -> null
TestTerraformConnectorExample 2022-08-03T16:04:18Z logger.go:66:       - max_history                = 0 -> null
TestTerraformConnectorExample 2022-08-03T16:04:18Z logger.go:66:       - metadata                   = [
TestTerraformConnectorExample 2022-08-03T16:04:18Z logger.go:66:           - {
TestTerraformConnectorExample 2022-08-03T16:04:18Z logger.go:66:               - app_version = "2.4.1"
TestTerraformConnectorExample 2022-08-03T16:04:18Z logger.go:66:               - chart       = "confluent-for-kubernetes"
TestTerraformConnectorExample 2022-08-03T16:04:18Z logger.go:66:               - name        = "confluent-operator"
TestTerraformConnectorExample 2022-08-03T16:04:18Z logger.go:66:               - namespace   = "confluent"
TestTerraformConnectorExample 2022-08-03T16:04:18Z logger.go:66:               - revision    = 1
TestTerraformConnectorExample 2022-08-03T16:04:18Z logger.go:66:               - values      = "null"
TestTerraformConnectorExample 2022-08-03T16:04:18Z logger.go:66:               - version     = "0.517.23"
TestTerraformConnectorExample 2022-08-03T16:04:18Z logger.go:66:             },
TestTerraformConnectorExample 2022-08-03T16:04:18Z logger.go:66:         ] -> null
TestTerraformConnectorExample 2022-08-03T16:04:18Z logger.go:66:       - name                       = "confluent-operator" -> null
TestTerraformConnectorExample 2022-08-03T16:04:18Z logger.go:66:       - namespace                  = "confluent" -> null
TestTerraformConnectorExample 2022-08-03T16:04:18Z logger.go:66:       - pass_credentials           = false -> null
TestTerraformConnectorExample 2022-08-03T16:04:18Z logger.go:66:       - recreate_pods              = false -> null
TestTerraformConnectorExample 2022-08-03T16:04:18Z logger.go:66:       - render_subchart_notes      = true -> null
TestTerraformConnectorExample 2022-08-03T16:04:18Z logger.go:66:       - replace                    = false -> null
TestTerraformConnectorExample 2022-08-03T16:04:18Z logger.go:66:       - repository                 = "https://packages.confluent.io/helm" -> null
TestTerraformConnectorExample 2022-08-03T16:04:18Z logger.go:66:       - reset_values               = false -> null
TestTerraformConnectorExample 2022-08-03T16:04:18Z logger.go:66:       - reuse_values               = false -> null
TestTerraformConnectorExample 2022-08-03T16:04:18Z logger.go:66:       - skip_crds                  = false -> null
TestTerraformConnectorExample 2022-08-03T16:04:18Z logger.go:66:       - status                     = "deployed" -> null
TestTerraformConnectorExample 2022-08-03T16:04:18Z logger.go:66:       - timeout                    = 300 -> null
TestTerraformConnectorExample 2022-08-03T16:04:18Z logger.go:66:       - values                     = [] -> null
TestTerraformConnectorExample 2022-08-03T16:04:18Z logger.go:66:       - verify                     = false -> null
TestTerraformConnectorExample 2022-08-03T16:04:18Z logger.go:66:       - version                    = "0.517.23" -> null
TestTerraformConnectorExample 2022-08-03T16:04:18Z logger.go:66:       - wait                       = true -> null
TestTerraformConnectorExample 2022-08-03T16:04:18Z logger.go:66:       - wait_for_jobs              = true -> null
TestTerraformConnectorExample 2022-08-03T16:04:18Z logger.go:66:     }
TestTerraformConnectorExample 2022-08-03T16:04:18Z logger.go:66:
TestTerraformConnectorExample 2022-08-03T16:04:18Z logger.go:66:   # module.confluent_platform.module.confluent_operator[0].kubernetes_namespace_v1.namespace[0] will be destroyed
TestTerraformConnectorExample 2022-08-03T16:04:18Z logger.go:66:   - resource "kubernetes_namespace_v1" "namespace" {
TestTerraformConnectorExample 2022-08-03T16:04:18Z logger.go:66:       - id = "confluent" -> null
TestTerraformConnectorExample 2022-08-03T16:04:18Z logger.go:66:
TestTerraformConnectorExample 2022-08-03T16:04:18Z logger.go:66:       - metadata {
TestTerraformConnectorExample 2022-08-03T16:04:18Z logger.go:66:           - annotations      = {} -> null
TestTerraformConnectorExample 2022-08-03T16:04:18Z logger.go:66:           - generation       = 0 -> null
TestTerraformConnectorExample 2022-08-03T16:04:18Z logger.go:66:           - labels           = {} -> null
TestTerraformConnectorExample 2022-08-03T16:04:18Z logger.go:66:           - name             = "confluent" -> null
TestTerraformConnectorExample 2022-08-03T16:04:18Z logger.go:66:           - resource_version = "3053" -> null
TestTerraformConnectorExample 2022-08-03T16:04:18Z logger.go:66:           - uid              = "5ec69ceb-5140-4e5d-b2f7-842fc94227af" -> null
TestTerraformConnectorExample 2022-08-03T16:04:18Z logger.go:66:         }
TestTerraformConnectorExample 2022-08-03T16:04:18Z logger.go:66:     }
TestTerraformConnectorExample 2022-08-03T16:04:18Z logger.go:66:
TestTerraformConnectorExample 2022-08-03T16:04:18Z logger.go:66:   # module.confluent_platform.module.kafka_topics["my-topic"].kubernetes_manifest.topic will be destroyed
TestTerraformConnectorExample 2022-08-03T16:04:18Z logger.go:66:   - resource "kubernetes_manifest" "topic" {
TestTerraformConnectorExample 2022-08-03T16:04:18Z logger.go:66:       - computed_fields = [
TestTerraformConnectorExample 2022-08-03T16:04:18Z logger.go:66:           - "metadata.finalizers",
TestTerraformConnectorExample 2022-08-03T16:04:18Z logger.go:66:         ] -> null
TestTerraformConnectorExample 2022-08-03T16:04:18Z logger.go:66:       - manifest        = {
TestTerraformConnectorExample 2022-08-03T16:04:18Z logger.go:66:           - apiVersion = "platform.confluent.io/v1beta1"
TestTerraformConnectorExample 2022-08-03T16:04:18Z logger.go:66:           - kind       = "KafkaTopic"
TestTerraformConnectorExample 2022-08-03T16:04:18Z logger.go:66:           - metadata   = {
TestTerraformConnectorExample 2022-08-03T16:04:18Z logger.go:66:               - name      = "my-topic"
TestTerraformConnectorExample 2022-08-03T16:04:18Z logger.go:66:               - namespace = "confluent"
TestTerraformConnectorExample 2022-08-03T16:04:18Z logger.go:66:             }
TestTerraformConnectorExample 2022-08-03T16:04:18Z logger.go:66:           - spec       = {
TestTerraformConnectorExample 2022-08-03T16:04:18Z logger.go:66:               - configs        = {
TestTerraformConnectorExample 2022-08-03T16:04:18Z logger.go:66:                   - "cleanup.policy" = "delete"
TestTerraformConnectorExample 2022-08-03T16:04:18Z logger.go:66:                 }
TestTerraformConnectorExample 2022-08-03T16:04:18Z logger.go:66:               - partitionCount = 3
TestTerraformConnectorExample 2022-08-03T16:04:18Z logger.go:66:               - replicas       = 3
TestTerraformConnectorExample 2022-08-03T16:04:18Z logger.go:66:             }
TestTerraformConnectorExample 2022-08-03T16:04:18Z logger.go:66:         } -> null
TestTerraformConnectorExample 2022-08-03T16:04:18Z logger.go:66:       - object          = {
TestTerraformConnectorExample 2022-08-03T16:04:18Z logger.go:66:           - apiVersion = "platform.confluent.io/v1beta1"
TestTerraformConnectorExample 2022-08-03T16:04:18Z logger.go:66:           - kind       = "KafkaTopic"
TestTerraformConnectorExample 2022-08-03T16:04:18Z logger.go:66:           - metadata   = {
TestTerraformConnectorExample 2022-08-03T16:04:18Z logger.go:66:               - annotations                = {
TestTerraformConnectorExample 2022-08-03T16:04:18Z logger.go:66:                   - "platform.confluent.io/last-spec-hash" = "7i6/qOJHLetfg5ZGkh0Cl1rS/27WOe+EQCiKKuet8rE="
TestTerraformConnectorExample 2022-08-03T16:04:18Z logger.go:66:                 }
TestTerraformConnectorExample 2022-08-03T16:04:18Z logger.go:66:               - clusterName                = null
TestTerraformConnectorExample 2022-08-03T16:04:18Z logger.go:66:               - creationTimestamp          = null
TestTerraformConnectorExample 2022-08-03T16:04:18Z logger.go:66:               - deletionGracePeriodSeconds = null
TestTerraformConnectorExample 2022-08-03T16:04:18Z logger.go:66:               - deletionTimestamp          = null
TestTerraformConnectorExample 2022-08-03T16:04:18Z logger.go:66:               - finalizers                 = [
TestTerraformConnectorExample 2022-08-03T16:04:18Z logger.go:66:                   - "kafkatopic.finalizers.platform.confluent.io",
TestTerraformConnectorExample 2022-08-03T16:04:18Z logger.go:66:                 ]
TestTerraformConnectorExample 2022-08-03T16:04:18Z logger.go:66:               - generateName               = null
TestTerraformConnectorExample 2022-08-03T16:04:18Z logger.go:66:               - generation                 = null
TestTerraformConnectorExample 2022-08-03T16:04:18Z logger.go:66:               - labels                     = null
TestTerraformConnectorExample 2022-08-03T16:04:18Z logger.go:66:               - managedFields              = null
TestTerraformConnectorExample 2022-08-03T16:04:18Z logger.go:66:               - name                       = "my-topic"
TestTerraformConnectorExample 2022-08-03T16:04:18Z logger.go:66:               - namespace                  = "confluent"
TestTerraformConnectorExample 2022-08-03T16:04:18Z logger.go:66:               - ownerReferences            = [
TestTerraformConnectorExample 2022-08-03T16:04:18Z logger.go:66:                   - {
TestTerraformConnectorExample 2022-08-03T16:04:18Z logger.go:66:                       - apiVersion         = "platform.confluent.io/v1beta1"
TestTerraformConnectorExample 2022-08-03T16:04:18Z logger.go:66:                       - blockOwnerDeletion = true
TestTerraformConnectorExample 2022-08-03T16:04:18Z logger.go:66:                       - controller         = true
TestTerraformConnectorExample 2022-08-03T16:04:18Z logger.go:66:                       - kind               = "Kafka"
TestTerraformConnectorExample 2022-08-03T16:04:18Z logger.go:66:                       - name               = "kafka"
TestTerraformConnectorExample 2022-08-03T16:04:18Z logger.go:66:                       - uid                = "aa860856-95c2-4e30-8778-77e3af4460fe"
TestTerraformConnectorExample 2022-08-03T16:04:18Z logger.go:66:                     },
TestTerraformConnectorExample 2022-08-03T16:04:18Z logger.go:66:                 ]
TestTerraformConnectorExample 2022-08-03T16:04:18Z logger.go:66:               - resourceVersion            = null
TestTerraformConnectorExample 2022-08-03T16:04:18Z logger.go:66:               - selfLink                   = null
TestTerraformConnectorExample 2022-08-03T16:04:18Z logger.go:66:               - uid                        = null
TestTerraformConnectorExample 2022-08-03T16:04:18Z logger.go:66:             }
TestTerraformConnectorExample 2022-08-03T16:04:18Z logger.go:66:           - spec       = {
TestTerraformConnectorExample 2022-08-03T16:04:18Z logger.go:66:               - configs           = {
TestTerraformConnectorExample 2022-08-03T16:04:18Z logger.go:66:                   - "cleanup.policy" = "delete"
TestTerraformConnectorExample 2022-08-03T16:04:18Z logger.go:66:                 }
TestTerraformConnectorExample 2022-08-03T16:04:18Z logger.go:66:               - kafkaClusterRef   = {
TestTerraformConnectorExample 2022-08-03T16:04:18Z logger.go:66:                   - name      = null
TestTerraformConnectorExample 2022-08-03T16:04:18Z logger.go:66:                   - namespace = null
TestTerraformConnectorExample 2022-08-03T16:04:18Z logger.go:66:                 }
TestTerraformConnectorExample 2022-08-03T16:04:18Z logger.go:66:               - kafkaRest         = {
TestTerraformConnectorExample 2022-08-03T16:04:18Z logger.go:66:                   - authentication = {
TestTerraformConnectorExample 2022-08-03T16:04:18Z logger.go:66:                       - basic  = {
TestTerraformConnectorExample 2022-08-03T16:04:18Z logger.go:66:                           - debug                    = null
TestTerraformConnectorExample 2022-08-03T16:04:18Z logger.go:66:                           - directoryPathInContainer = null
TestTerraformConnectorExample 2022-08-03T16:04:18Z logger.go:66:                           - restrictedRoles          = null
TestTerraformConnectorExample 2022-08-03T16:04:18Z logger.go:66:                           - roles                    = null
TestTerraformConnectorExample 2022-08-03T16:04:18Z logger.go:66:                           - secretRef                = null
TestTerraformConnectorExample 2022-08-03T16:04:18Z logger.go:66:                         }
TestTerraformConnectorExample 2022-08-03T16:04:18Z logger.go:66:                       - bearer = {
TestTerraformConnectorExample 2022-08-03T16:04:18Z logger.go:66:                           - directoryPathInContainer = null
TestTerraformConnectorExample 2022-08-03T16:04:18Z logger.go:66:                           - secretRef                = null
TestTerraformConnectorExample 2022-08-03T16:04:18Z logger.go:66:                         }
TestTerraformConnectorExample 2022-08-03T16:04:18Z logger.go:66:                       - type   = null
TestTerraformConnectorExample 2022-08-03T16:04:18Z logger.go:66:                     }
TestTerraformConnectorExample 2022-08-03T16:04:18Z logger.go:66:                   - endpoint       = null
TestTerraformConnectorExample 2022-08-03T16:04:18Z logger.go:66:                   - kafkaClusterID = null
TestTerraformConnectorExample 2022-08-03T16:04:18Z logger.go:66:                   - tls            = {
TestTerraformConnectorExample 2022-08-03T16:04:18Z logger.go:66:                       - directoryPathInContainer = null
TestTerraformConnectorExample 2022-08-03T16:04:18Z logger.go:66:                       - jksPassword              = {
TestTerraformConnectorExample 2022-08-03T16:04:18Z logger.go:66:                           - secretRef = null
TestTerraformConnectorExample 2022-08-03T16:04:18Z logger.go:66:                         }
TestTerraformConnectorExample 2022-08-03T16:04:18Z logger.go:66:                       - secretRef                = null
TestTerraformConnectorExample 2022-08-03T16:04:18Z logger.go:66:                     }
TestTerraformConnectorExample 2022-08-03T16:04:18Z logger.go:66:                 }
TestTerraformConnectorExample 2022-08-03T16:04:18Z logger.go:66:               - kafkaRestClassRef = {
TestTerraformConnectorExample 2022-08-03T16:04:18Z logger.go:66:                   - name      = null
TestTerraformConnectorExample 2022-08-03T16:04:18Z logger.go:66:                   - namespace = null
TestTerraformConnectorExample 2022-08-03T16:04:18Z logger.go:66:                 }
TestTerraformConnectorExample 2022-08-03T16:04:18Z logger.go:66:               - name              = null
TestTerraformConnectorExample 2022-08-03T16:04:18Z logger.go:66:               - partitionCount    = 3
TestTerraformConnectorExample 2022-08-03T16:04:18Z logger.go:66:               - replicas          = 3
TestTerraformConnectorExample 2022-08-03T16:04:18Z logger.go:66:             }
TestTerraformConnectorExample 2022-08-03T16:04:18Z logger.go:66:         } -> null
TestTerraformConnectorExample 2022-08-03T16:04:18Z logger.go:66:
TestTerraformConnectorExample 2022-08-03T16:04:18Z logger.go:66:       - timeouts {
TestTerraformConnectorExample 2022-08-03T16:04:18Z logger.go:66:           - create = "5m" -> null
TestTerraformConnectorExample 2022-08-03T16:04:18Z logger.go:66:           - delete = "5m" -> null
TestTerraformConnectorExample 2022-08-03T16:04:18Z logger.go:66:           - update = "5m" -> null
TestTerraformConnectorExample 2022-08-03T16:04:18Z logger.go:66:         }
TestTerraformConnectorExample 2022-08-03T16:04:18Z logger.go:66:
TestTerraformConnectorExample 2022-08-03T16:04:18Z logger.go:66:       - wait {
TestTerraformConnectorExample 2022-08-03T16:04:18Z logger.go:66:           - fields = {
TestTerraformConnectorExample 2022-08-03T16:04:18Z logger.go:66:               - "status.state" = "CREATED"
TestTerraformConnectorExample 2022-08-03T16:04:18Z logger.go:66:             } -> null
TestTerraformConnectorExample 2022-08-03T16:04:18Z logger.go:66:         }
TestTerraformConnectorExample 2022-08-03T16:04:18Z logger.go:66:     }
TestTerraformConnectorExample 2022-08-03T16:04:18Z logger.go:66:
TestTerraformConnectorExample 2022-08-03T16:04:18Z logger.go:66: Plan: 0 to add, 0 to change, 7 to destroy.
TestTerraformConnectorExample 2022-08-03T16:04:18Z logger.go:66:
TestTerraformConnectorExample 2022-08-03T16:04:18Z logger.go:66: Changes to Outputs:
TestTerraformConnectorExample 2022-08-03T16:04:18Z logger.go:66:   - connector = {
TestTerraformConnectorExample 2022-08-03T16:04:18Z logger.go:66:       - class             = "org.apache.kafka.connect.mirror.MirrorSourceConnector"
TestTerraformConnectorExample 2022-08-03T16:04:18Z logger.go:66:       - configs           = {
TestTerraformConnectorExample 2022-08-03T16:04:18Z logger.go:66:           - "source.cluster.alias"             = "self"
TestTerraformConnectorExample 2022-08-03T16:04:18Z logger.go:66:           - "source.cluster.bootstrap.servers" = "kafka:9092"
TestTerraformConnectorExample 2022-08-03T16:04:18Z logger.go:66:           - "target.cluster.bootstrap.servers" = "kafka:9092"
TestTerraformConnectorExample 2022-08-03T16:04:18Z logger.go:66:           - "topics"                           = "my-topic"
TestTerraformConnectorExample 2022-08-03T16:04:18Z logger.go:66:         }
TestTerraformConnectorExample 2022-08-03T16:04:18Z logger.go:66:       - connectClusterRef = {
TestTerraformConnectorExample 2022-08-03T16:04:18Z logger.go:66:           - name      = "connect"
TestTerraformConnectorExample 2022-08-03T16:04:18Z logger.go:66:           - namespace = null
TestTerraformConnectorExample 2022-08-03T16:04:18Z logger.go:66:         }
TestTerraformConnectorExample 2022-08-03T16:04:18Z logger.go:66:       - connectRest       = {
TestTerraformConnectorExample 2022-08-03T16:04:18Z logger.go:66:           - authentication = {
TestTerraformConnectorExample 2022-08-03T16:04:18Z logger.go:66:               - basic  = {
TestTerraformConnectorExample 2022-08-03T16:04:18Z logger.go:66:                   - debug                    = null
TestTerraformConnectorExample 2022-08-03T16:04:18Z logger.go:66:                   - directoryPathInContainer = null
TestTerraformConnectorExample 2022-08-03T16:04:18Z logger.go:66:                   - restrictedRoles          = null
TestTerraformConnectorExample 2022-08-03T16:04:18Z logger.go:66:                   - roles                    = null
TestTerraformConnectorExample 2022-08-03T16:04:18Z logger.go:66:                   - secretRef                = null
TestTerraformConnectorExample 2022-08-03T16:04:18Z logger.go:66:                 }
TestTerraformConnectorExample 2022-08-03T16:04:18Z logger.go:66:               - bearer = {
TestTerraformConnectorExample 2022-08-03T16:04:18Z logger.go:66:                   - directoryPathInContainer = null
TestTerraformConnectorExample 2022-08-03T16:04:18Z logger.go:66:                   - secretRef                = null
TestTerraformConnectorExample 2022-08-03T16:04:18Z logger.go:66:                 }
TestTerraformConnectorExample 2022-08-03T16:04:18Z logger.go:66:               - type   = null
TestTerraformConnectorExample 2022-08-03T16:04:18Z logger.go:66:             }
TestTerraformConnectorExample 2022-08-03T16:04:18Z logger.go:66:           - endpoint       = null
TestTerraformConnectorExample 2022-08-03T16:04:18Z logger.go:66:           - kafkaClusterID = null
TestTerraformConnectorExample 2022-08-03T16:04:18Z logger.go:66:           - tls            = {
TestTerraformConnectorExample 2022-08-03T16:04:18Z logger.go:66:               - directoryPathInContainer = null
TestTerraformConnectorExample 2022-08-03T16:04:18Z logger.go:66:               - jksPassword              = {
TestTerraformConnectorExample 2022-08-03T16:04:18Z logger.go:66:                   - secretRef = null
TestTerraformConnectorExample 2022-08-03T16:04:18Z logger.go:66:                 }
TestTerraformConnectorExample 2022-08-03T16:04:18Z logger.go:66:               - secretRef                = null
TestTerraformConnectorExample 2022-08-03T16:04:18Z logger.go:66:             }
TestTerraformConnectorExample 2022-08-03T16:04:18Z logger.go:66:         }
TestTerraformConnectorExample 2022-08-03T16:04:18Z logger.go:66:       - name              = null
TestTerraformConnectorExample 2022-08-03T16:04:18Z logger.go:66:       - restartPolicy     = {
TestTerraformConnectorExample 2022-08-03T16:04:18Z logger.go:66:           - maxRetry = null
TestTerraformConnectorExample 2022-08-03T16:04:18Z logger.go:66:           - type     = null
TestTerraformConnectorExample 2022-08-03T16:04:18Z logger.go:66:         }
TestTerraformConnectorExample 2022-08-03T16:04:18Z logger.go:66:       - taskMax           = 1
TestTerraformConnectorExample 2022-08-03T16:04:18Z logger.go:66:     } -> null
TestTerraformConnectorExample 2022-08-03T16:04:21Z logger.go:66: module.connector.kubernetes_manifest.connector: Destroying...
TestTerraformConnectorExample 2022-08-03T16:04:22Z logger.go:66: module.connector.kubernetes_manifest.connector: Destruction complete after 1s
TestTerraformConnectorExample 2022-08-03T16:04:22Z logger.go:66: module.confluent_platform.module.kafka_topics["my-topic"].kubernetes_manifest.topic: Destroying...
TestTerraformConnectorExample 2022-08-03T16:04:23Z logger.go:66: module.confluent_platform.module.kafka_topics["my-topic"].kubernetes_manifest.topic: Destruction complete after 1s
TestTerraformConnectorExample 2022-08-03T16:04:24Z logger.go:66: module.confluent_platform.kubernetes_manifest.components["zookeeper"]: Destroying...
TestTerraformConnectorExample 2022-08-03T16:04:24Z logger.go:66: module.confluent_platform.kubernetes_manifest.components["connect"]: Destroying...
TestTerraformConnectorExample 2022-08-03T16:04:24Z logger.go:66: module.confluent_platform.kubernetes_manifest.components["kafka"]: Destroying...
TestTerraformConnectorExample 2022-08-03T16:04:25Z logger.go:66: module.confluent_platform.kubernetes_manifest.components["zookeeper"]: Destruction complete after 1s
TestTerraformConnectorExample 2022-08-03T16:04:25Z logger.go:66: module.confluent_platform.kubernetes_manifest.components["connect"]: Destruction complete after 2s
TestTerraformConnectorExample 2022-08-03T16:04:25Z logger.go:66: module.confluent_platform.kubernetes_manifest.components["kafka"]: Destruction complete after 1s
TestTerraformConnectorExample 2022-08-03T16:04:25Z logger.go:66: module.confluent_platform.module.confluent_operator[0].helm_release.confluent_operator[0]: Destroying... [id=confluent-operator]
TestTerraformConnectorExample 2022-08-03T16:04:28Z logger.go:66: module.confluent_platform.module.confluent_operator[0].helm_release.confluent_operator[0]: Destruction complete after 2s
TestTerraformConnectorExample 2022-08-03T16:04:28Z logger.go:66: module.confluent_platform.module.confluent_operator[0].kubernetes_namespace_v1.namespace[0]: Destroying... [id=confluent]
TestTerraformConnectorExample 2022-08-03T16:04:38Z logger.go:66: module.confluent_platform.module.confluent_operator[0].kubernetes_namespace_v1.namespace[0]: Still destroying... [id=confluent, 10s elapsed]
TestTerraformConnectorExample 2022-08-03T16:04:48Z logger.go:66: module.confluent_platform.module.confluent_operator[0].kubernetes_namespace_v1.namespace[0]: Still destroying... [id=confluent, 20s elapsed]
TestTerraformConnectorExample 2022-08-03T16:04:58Z logger.go:66: module.confluent_platform.module.confluent_operator[0].kubernetes_namespace_v1.namespace[0]: Still destroying... [id=confluent, 30s elapsed]
TestTerraformConnectorExample 2022-08-03T16:05:01Z logger.go:66: module.confluent_platform.module.confluent_operator[0].kubernetes_namespace_v1.namespace[0]: Destruction complete after 33s
TestTerraformConnectorExample 2022-08-03T16:05:01Z logger.go:66:
TestTerraformConnectorExample 2022-08-03T16:05:01Z logger.go:66: Destroy complete! Resources: 7 destroyed.
--- PASS: TestTerraformConnectorExample (175.96s)
PASS
ok  	command-line-arguments	175.985s
