=== RUN   TestTerraformConfluentOperatorExample
TestTerraformConfluentOperatorExample 2022-07-27T04:35:36Z retry.go:91: terraform [init -upgrade=false]
TestTerraformConfluentOperatorExample 2022-07-27T04:35:36Z logger.go:66: Running command terraform with args [init -upgrade=false]
TestTerraformConfluentOperatorExample 2022-07-27T04:35:36Z logger.go:66: [0m[1mInitializing modules...[0m
TestTerraformConfluentOperatorExample 2022-07-27T04:35:37Z logger.go:66:
TestTerraformConfluentOperatorExample 2022-07-27T04:35:37Z logger.go:66: [0m[1mInitializing the backend...[0m
TestTerraformConfluentOperatorExample 2022-07-27T04:35:38Z logger.go:66:
TestTerraformConfluentOperatorExample 2022-07-27T04:35:38Z logger.go:66: [0m[1mInitializing provider plugins...[0m
TestTerraformConfluentOperatorExample 2022-07-27T04:35:38Z logger.go:66: - Reusing previous version of hashicorp/helm from the dependency lock file
TestTerraformConfluentOperatorExample 2022-07-27T04:35:39Z logger.go:66: - Reusing previous version of hashicorp/kubernetes from the dependency lock file
TestTerraformConfluentOperatorExample 2022-07-27T04:35:39Z logger.go:66: - Using previously-installed hashicorp/helm v2.6.0
TestTerraformConfluentOperatorExample 2022-07-27T04:35:39Z logger.go:66: - Using previously-installed hashicorp/kubernetes v2.12.1
TestTerraformConfluentOperatorExample 2022-07-27T04:35:39Z logger.go:66:
TestTerraformConfluentOperatorExample 2022-07-27T04:35:39Z logger.go:66: [0m[1m[32mTerraform has been successfully initialized![0m[32m[0m
TestTerraformConfluentOperatorExample 2022-07-27T04:35:39Z logger.go:66: [0m[32m
TestTerraformConfluentOperatorExample 2022-07-27T04:35:39Z logger.go:66: You may now begin working with Terraform. Try running "terraform plan" to see
TestTerraformConfluentOperatorExample 2022-07-27T04:35:39Z logger.go:66: any changes that are required for your infrastructure. All Terraform commands
TestTerraformConfluentOperatorExample 2022-07-27T04:35:39Z logger.go:66: should now work.
TestTerraformConfluentOperatorExample 2022-07-27T04:35:39Z logger.go:66:
TestTerraformConfluentOperatorExample 2022-07-27T04:35:39Z logger.go:66: If you ever set or change modules or backend configuration for Terraform,
TestTerraformConfluentOperatorExample 2022-07-27T04:35:39Z logger.go:66: rerun this command to reinitialize your working directory. If you forget, other
TestTerraformConfluentOperatorExample 2022-07-27T04:35:39Z logger.go:66: commands will detect it and remind you to do so if necessary.[0m
TestTerraformConfluentOperatorExample 2022-07-27T04:35:39Z retry.go:91: terraform [apply -input=false -auto-approve -no-color -lock=false]
TestTerraformConfluentOperatorExample 2022-07-27T04:35:39Z logger.go:66: Running command terraform with args [apply -input=false -auto-approve -no-color -lock=false]
TestTerraformConfluentOperatorExample 2022-07-27T04:35:43Z logger.go:66: module.confluent_operator.kubernetes_namespace_v1.namespace[0]: Refreshing state... [id=confluent]
TestTerraformConfluentOperatorExample 2022-07-27T04:35:43Z logger.go:66: module.confluent_operator.helm_release.confluent_operator[0]: Refreshing state... [id=confluent-operator]
TestTerraformConfluentOperatorExample 2022-07-27T04:35:45Z logger.go:66:
TestTerraformConfluentOperatorExample 2022-07-27T04:35:45Z logger.go:66: Note: Objects have changed outside of Terraform
TestTerraformConfluentOperatorExample 2022-07-27T04:35:45Z logger.go:66:
TestTerraformConfluentOperatorExample 2022-07-27T04:35:45Z logger.go:66: Terraform detected the following changes made outside of Terraform since the
TestTerraformConfluentOperatorExample 2022-07-27T04:35:45Z logger.go:66: last "terraform apply" which may have affected this plan:
TestTerraformConfluentOperatorExample 2022-07-27T04:35:45Z logger.go:66:
TestTerraformConfluentOperatorExample 2022-07-27T04:35:45Z logger.go:66:   # module.confluent_operator.helm_release.confluent_operator[0] has been deleted
TestTerraformConfluentOperatorExample 2022-07-27T04:35:45Z logger.go:66:   - resource "helm_release" "confluent_operator" {
TestTerraformConfluentOperatorExample 2022-07-27T04:35:45Z logger.go:66:         id                         = "confluent-operator"
TestTerraformConfluentOperatorExample 2022-07-27T04:35:45Z logger.go:66:       ~ metadata                   = [
TestTerraformConfluentOperatorExample 2022-07-27T04:35:45Z logger.go:66:           ~ {
TestTerraformConfluentOperatorExample 2022-07-27T04:35:45Z logger.go:66:               ~ app_version = "2.4.0" -> null
TestTerraformConfluentOperatorExample 2022-07-27T04:35:45Z logger.go:66:                 name        = "confluent-operator"
TestTerraformConfluentOperatorExample 2022-07-27T04:35:45Z logger.go:66:               ~ version     = "0.517.12" -> null
TestTerraformConfluentOperatorExample 2022-07-27T04:35:45Z logger.go:66:                 # (4 unchanged elements hidden)
TestTerraformConfluentOperatorExample 2022-07-27T04:35:45Z logger.go:66:             },
TestTerraformConfluentOperatorExample 2022-07-27T04:35:45Z logger.go:66:         ]
TestTerraformConfluentOperatorExample 2022-07-27T04:35:45Z logger.go:66:         name                       = "confluent-operator"
TestTerraformConfluentOperatorExample 2022-07-27T04:35:45Z logger.go:66:         # (26 unchanged attributes hidden)
TestTerraformConfluentOperatorExample 2022-07-27T04:35:45Z logger.go:66:     }
TestTerraformConfluentOperatorExample 2022-07-27T04:35:45Z logger.go:66:
TestTerraformConfluentOperatorExample 2022-07-27T04:35:45Z logger.go:66:   # module.confluent_operator.kubernetes_namespace_v1.namespace[0] has been deleted
TestTerraformConfluentOperatorExample 2022-07-27T04:35:45Z logger.go:66:   - resource "kubernetes_namespace_v1" "namespace" {
TestTerraformConfluentOperatorExample 2022-07-27T04:35:45Z logger.go:66:         id = "confluent"
TestTerraformConfluentOperatorExample 2022-07-27T04:35:45Z logger.go:66:
TestTerraformConfluentOperatorExample 2022-07-27T04:35:45Z logger.go:66:       ~ metadata {
TestTerraformConfluentOperatorExample 2022-07-27T04:35:45Z logger.go:66:           - name             = "confluent" -> null
TestTerraformConfluentOperatorExample 2022-07-27T04:35:45Z logger.go:66:             # (5 unchanged attributes hidden)
TestTerraformConfluentOperatorExample 2022-07-27T04:35:45Z logger.go:66:         }
TestTerraformConfluentOperatorExample 2022-07-27T04:35:45Z logger.go:66:     }
TestTerraformConfluentOperatorExample 2022-07-27T04:35:45Z logger.go:66:
TestTerraformConfluentOperatorExample 2022-07-27T04:35:45Z logger.go:66:
TestTerraformConfluentOperatorExample 2022-07-27T04:35:45Z logger.go:66: Unless you have made equivalent changes to your configuration, or ignored the
TestTerraformConfluentOperatorExample 2022-07-27T04:35:45Z logger.go:66: relevant attributes using ignore_changes, the following plan may include
TestTerraformConfluentOperatorExample 2022-07-27T04:35:45Z logger.go:66: actions to undo or respond to these changes.
TestTerraformConfluentOperatorExample 2022-07-27T04:35:45Z logger.go:66:
TestTerraformConfluentOperatorExample 2022-07-27T04:35:45Z logger.go:66: ─────────────────────────────────────────────────────────────────────────────
TestTerraformConfluentOperatorExample 2022-07-27T04:35:45Z logger.go:66:
TestTerraformConfluentOperatorExample 2022-07-27T04:35:45Z logger.go:66: Terraform used the selected providers to generate the following execution
TestTerraformConfluentOperatorExample 2022-07-27T04:35:45Z logger.go:66: plan. Resource actions are indicated with the following symbols:
TestTerraformConfluentOperatorExample 2022-07-27T04:35:45Z logger.go:66:   + create
TestTerraformConfluentOperatorExample 2022-07-27T04:35:45Z logger.go:66:
TestTerraformConfluentOperatorExample 2022-07-27T04:35:45Z logger.go:66: Terraform will perform the following actions:
TestTerraformConfluentOperatorExample 2022-07-27T04:35:45Z logger.go:66:
TestTerraformConfluentOperatorExample 2022-07-27T04:35:45Z logger.go:66:   # module.confluent_operator.helm_release.confluent_operator[0] will be created
TestTerraformConfluentOperatorExample 2022-07-27T04:35:45Z logger.go:66:   + resource "helm_release" "confluent_operator" {
TestTerraformConfluentOperatorExample 2022-07-27T04:35:45Z logger.go:66:       + atomic                     = false
TestTerraformConfluentOperatorExample 2022-07-27T04:35:45Z logger.go:66:       + chart                      = "confluent-for-kubernetes"
TestTerraformConfluentOperatorExample 2022-07-27T04:35:45Z logger.go:66:       + cleanup_on_fail            = false
TestTerraformConfluentOperatorExample 2022-07-27T04:35:45Z logger.go:66:       + create_namespace           = false
TestTerraformConfluentOperatorExample 2022-07-27T04:35:45Z logger.go:66:       + dependency_update          = false
TestTerraformConfluentOperatorExample 2022-07-27T04:35:45Z logger.go:66:       + disable_crd_hooks          = false
TestTerraformConfluentOperatorExample 2022-07-27T04:35:45Z logger.go:66:       + disable_openapi_validation = false
TestTerraformConfluentOperatorExample 2022-07-27T04:35:45Z logger.go:66:       + disable_webhooks           = false
TestTerraformConfluentOperatorExample 2022-07-27T04:35:45Z logger.go:66:       + force_update               = false
TestTerraformConfluentOperatorExample 2022-07-27T04:35:45Z logger.go:66:       + id                         = (known after apply)
TestTerraformConfluentOperatorExample 2022-07-27T04:35:45Z logger.go:66:       + lint                       = false
TestTerraformConfluentOperatorExample 2022-07-27T04:35:45Z logger.go:66:       + manifest                   = (known after apply)
TestTerraformConfluentOperatorExample 2022-07-27T04:35:45Z logger.go:66:       + max_history                = 0
TestTerraformConfluentOperatorExample 2022-07-27T04:35:45Z logger.go:66:       + metadata                   = (known after apply)
TestTerraformConfluentOperatorExample 2022-07-27T04:35:45Z logger.go:66:       + name                       = "confluent-operator"
TestTerraformConfluentOperatorExample 2022-07-27T04:35:45Z logger.go:66:       + namespace                  = "confluent"
TestTerraformConfluentOperatorExample 2022-07-27T04:35:45Z logger.go:66:       + pass_credentials           = false
TestTerraformConfluentOperatorExample 2022-07-27T04:35:45Z logger.go:66:       + recreate_pods              = false
TestTerraformConfluentOperatorExample 2022-07-27T04:35:45Z logger.go:66:       + render_subchart_notes      = true
TestTerraformConfluentOperatorExample 2022-07-27T04:35:45Z logger.go:66:       + replace                    = false
TestTerraformConfluentOperatorExample 2022-07-27T04:35:45Z logger.go:66:       + repository                 = "https://packages.confluent.io/helm"
TestTerraformConfluentOperatorExample 2022-07-27T04:35:45Z logger.go:66:       + reset_values               = false
TestTerraformConfluentOperatorExample 2022-07-27T04:35:45Z logger.go:66:       + reuse_values               = false
TestTerraformConfluentOperatorExample 2022-07-27T04:35:45Z logger.go:66:       + skip_crds                  = false
TestTerraformConfluentOperatorExample 2022-07-27T04:35:45Z logger.go:66:       + status                     = "deployed"
TestTerraformConfluentOperatorExample 2022-07-27T04:35:45Z logger.go:66:       + timeout                    = 300
TestTerraformConfluentOperatorExample 2022-07-27T04:35:45Z logger.go:66:       + verify                     = false
TestTerraformConfluentOperatorExample 2022-07-27T04:35:45Z logger.go:66:       + version                    = "0.517.12"
TestTerraformConfluentOperatorExample 2022-07-27T04:35:45Z logger.go:66:       + wait                       = true
TestTerraformConfluentOperatorExample 2022-07-27T04:35:45Z logger.go:66:       + wait_for_jobs              = true
TestTerraformConfluentOperatorExample 2022-07-27T04:35:45Z logger.go:66:     }
TestTerraformConfluentOperatorExample 2022-07-27T04:35:45Z logger.go:66:
TestTerraformConfluentOperatorExample 2022-07-27T04:35:45Z logger.go:66:   # module.confluent_operator.kubernetes_namespace_v1.namespace[0] will be created
TestTerraformConfluentOperatorExample 2022-07-27T04:35:45Z logger.go:66:   + resource "kubernetes_namespace_v1" "namespace" {
TestTerraformConfluentOperatorExample 2022-07-27T04:35:45Z logger.go:66:       + id = (known after apply)
TestTerraformConfluentOperatorExample 2022-07-27T04:35:45Z logger.go:66:
TestTerraformConfluentOperatorExample 2022-07-27T04:35:45Z logger.go:66:       + metadata {
TestTerraformConfluentOperatorExample 2022-07-27T04:35:45Z logger.go:66:           + generation       = (known after apply)
TestTerraformConfluentOperatorExample 2022-07-27T04:35:45Z logger.go:66:           + name             = "confluent"
TestTerraformConfluentOperatorExample 2022-07-27T04:35:45Z logger.go:66:           + resource_version = (known after apply)
TestTerraformConfluentOperatorExample 2022-07-27T04:35:45Z logger.go:66:           + uid              = (known after apply)
TestTerraformConfluentOperatorExample 2022-07-27T04:35:45Z logger.go:66:         }
TestTerraformConfluentOperatorExample 2022-07-27T04:35:45Z logger.go:66:     }
TestTerraformConfluentOperatorExample 2022-07-27T04:35:45Z logger.go:66:
TestTerraformConfluentOperatorExample 2022-07-27T04:35:45Z logger.go:66: Plan: 2 to add, 0 to change, 0 to destroy.
TestTerraformConfluentOperatorExample 2022-07-27T04:35:45Z logger.go:66:
TestTerraformConfluentOperatorExample 2022-07-27T04:35:45Z logger.go:66: Changes to Outputs:
TestTerraformConfluentOperatorExample 2022-07-27T04:35:45Z logger.go:66:   ~ app_version                                       = "2.4.0" -> (known after apply)
TestTerraformConfluentOperatorExample 2022-07-27T04:35:45Z logger.go:66:   ~ chart_version                                     = "0.517.12" -> (known after apply)
TestTerraformConfluentOperatorExample 2022-07-27T04:35:45Z logger.go:66:   ~ confluent_platform_version_compatibilities        = [
TestTerraformConfluentOperatorExample 2022-07-27T04:35:45Z logger.go:66:       - "7.1",
TestTerraformConfluentOperatorExample 2022-07-27T04:35:45Z logger.go:66:       - "7.2",
TestTerraformConfluentOperatorExample 2022-07-27T04:35:45Z logger.go:66:     ] -> (known after apply)
TestTerraformConfluentOperatorExample 2022-07-27T04:35:45Z logger.go:66:   ~ latest_confluent_platform_version_compatibilities = "7.2" -> (known after apply)
TestTerraformConfluentOperatorExample 2022-07-27T04:35:46Z logger.go:66: module.confluent_operator.kubernetes_namespace_v1.namespace[0]: Creating...
TestTerraformConfluentOperatorExample 2022-07-27T04:35:46Z logger.go:66: module.confluent_operator.kubernetes_namespace_v1.namespace[0]: Creation complete after 0s [id=confluent]
TestTerraformConfluentOperatorExample 2022-07-27T04:35:47Z logger.go:66: module.confluent_operator.helm_release.confluent_operator[0]: Creating...
TestTerraformConfluentOperatorExample 2022-07-27T04:35:56Z logger.go:66: module.confluent_operator.helm_release.confluent_operator[0]: Creation complete after 10s [id=confluent-operator]
TestTerraformConfluentOperatorExample 2022-07-27T04:35:56Z logger.go:66:
TestTerraformConfluentOperatorExample 2022-07-27T04:35:56Z logger.go:66: Apply complete! Resources: 2 added, 0 changed, 0 destroyed.
TestTerraformConfluentOperatorExample 2022-07-27T04:35:56Z logger.go:66:
TestTerraformConfluentOperatorExample 2022-07-27T04:35:56Z logger.go:66: Outputs:
TestTerraformConfluentOperatorExample 2022-07-27T04:35:56Z logger.go:66:
TestTerraformConfluentOperatorExample 2022-07-27T04:35:56Z logger.go:66: app_version = "2.4.0"
TestTerraformConfluentOperatorExample 2022-07-27T04:35:56Z logger.go:66: chart_version = "0.517.12"
TestTerraformConfluentOperatorExample 2022-07-27T04:35:56Z logger.go:66: confluent_platform_version_compatibilities = [
TestTerraformConfluentOperatorExample 2022-07-27T04:35:56Z logger.go:66:   "7.1",
TestTerraformConfluentOperatorExample 2022-07-27T04:35:56Z logger.go:66:   "7.2",
TestTerraformConfluentOperatorExample 2022-07-27T04:35:56Z logger.go:66: ]
TestTerraformConfluentOperatorExample 2022-07-27T04:35:56Z logger.go:66: latest_confluent_platform_version_compatibilities = "7.2"
TestTerraformConfluentOperatorExample 2022-07-27T04:35:56Z retry.go:91: terraform [output -no-color -json app_version]
TestTerraformConfluentOperatorExample 2022-07-27T04:35:56Z logger.go:66: Running command terraform with args [output -no-color -json app_version]
TestTerraformConfluentOperatorExample 2022-07-27T04:35:57Z logger.go:66: "2.4.0"
TestTerraformConfluentOperatorExample 2022-07-27T04:35:57Z retry.go:91: terraform [output -no-color -json chart_version]
TestTerraformConfluentOperatorExample 2022-07-27T04:35:57Z logger.go:66: Running command terraform with args [output -no-color -json chart_version]
TestTerraformConfluentOperatorExample 2022-07-27T04:35:57Z logger.go:66: "0.517.12"
TestTerraformConfluentOperatorExample 2022-07-27T04:35:57Z retry.go:91: terraform [output -no-color -json confluent_platform_version_compatibilities]
TestTerraformConfluentOperatorExample 2022-07-27T04:35:57Z logger.go:66: Running command terraform with args [output -no-color -json confluent_platform_version_compatibilities]
TestTerraformConfluentOperatorExample 2022-07-27T04:35:58Z logger.go:66: ["7.1","7.2"]
TestTerraformConfluentOperatorExample 2022-07-27T04:35:58Z retry.go:91: terraform [apply -input=false -auto-approve -no-color -lock=false]
TestTerraformConfluentOperatorExample 2022-07-27T04:35:58Z logger.go:66: Running command terraform with args [apply -input=false -auto-approve -no-color -lock=false]
TestTerraformConfluentOperatorExample 2022-07-27T04:36:00Z logger.go:66: module.confluent_operator.kubernetes_namespace_v1.namespace[0]: Refreshing state... [id=confluent]
TestTerraformConfluentOperatorExample 2022-07-27T04:36:00Z logger.go:66: module.confluent_operator.helm_release.confluent_operator[0]: Refreshing state... [id=confluent-operator]
TestTerraformConfluentOperatorExample 2022-07-27T04:36:01Z logger.go:66:
TestTerraformConfluentOperatorExample 2022-07-27T04:36:01Z logger.go:66: No changes. Your infrastructure matches the configuration.
TestTerraformConfluentOperatorExample 2022-07-27T04:36:01Z logger.go:66:
TestTerraformConfluentOperatorExample 2022-07-27T04:36:01Z logger.go:66: Terraform has compared your real infrastructure against your configuration
TestTerraformConfluentOperatorExample 2022-07-27T04:36:01Z logger.go:66: and found no differences, so no changes are needed.
TestTerraformConfluentOperatorExample 2022-07-27T04:36:01Z logger.go:66:
TestTerraformConfluentOperatorExample 2022-07-27T04:36:01Z logger.go:66: Apply complete! Resources: 0 added, 0 changed, 0 destroyed.
TestTerraformConfluentOperatorExample 2022-07-27T04:36:01Z logger.go:66:
TestTerraformConfluentOperatorExample 2022-07-27T04:36:01Z logger.go:66: Outputs:
TestTerraformConfluentOperatorExample 2022-07-27T04:36:01Z logger.go:66:
TestTerraformConfluentOperatorExample 2022-07-27T04:36:01Z logger.go:66: app_version = "2.4.0"
TestTerraformConfluentOperatorExample 2022-07-27T04:36:01Z logger.go:66: chart_version = "0.517.12"
TestTerraformConfluentOperatorExample 2022-07-27T04:36:01Z logger.go:66: confluent_platform_version_compatibilities = [
TestTerraformConfluentOperatorExample 2022-07-27T04:36:01Z logger.go:66:   "7.1",
TestTerraformConfluentOperatorExample 2022-07-27T04:36:01Z logger.go:66:   "7.2",
TestTerraformConfluentOperatorExample 2022-07-27T04:36:01Z logger.go:66: ]
TestTerraformConfluentOperatorExample 2022-07-27T04:36:01Z logger.go:66: latest_confluent_platform_version_compatibilities = "7.2"
TestTerraformConfluentOperatorExample 2022-07-27T04:36:01Z logger.go:66: Running terraform with args [plan -input=false -detailed-exitcode -no-color -lock=false]
TestTerraformConfluentOperatorExample 2022-07-27T04:36:01Z logger.go:66: Running command terraform with args [plan -input=false -detailed-exitcode -no-color -lock=false]
TestTerraformConfluentOperatorExample 2022-07-27T04:36:04Z logger.go:66: module.confluent_operator.kubernetes_namespace_v1.namespace[0]: Refreshing state... [id=confluent]
TestTerraformConfluentOperatorExample 2022-07-27T04:36:04Z logger.go:66: module.confluent_operator.helm_release.confluent_operator[0]: Refreshing state... [id=confluent-operator]
TestTerraformConfluentOperatorExample 2022-07-27T04:36:05Z logger.go:66:
TestTerraformConfluentOperatorExample 2022-07-27T04:36:05Z logger.go:66: No changes. Your infrastructure matches the configuration.
TestTerraformConfluentOperatorExample 2022-07-27T04:36:05Z logger.go:66:
TestTerraformConfluentOperatorExample 2022-07-27T04:36:05Z logger.go:66: Terraform has compared your real infrastructure against your configuration
TestTerraformConfluentOperatorExample 2022-07-27T04:36:05Z logger.go:66: and found no differences, so no changes are needed.
TestTerraformConfluentOperatorExample 2022-07-27T04:36:05Z retry.go:91: terraform [destroy -auto-approve -input=false -no-color -lock=false]
TestTerraformConfluentOperatorExample 2022-07-27T04:36:05Z logger.go:66: Running command terraform with args [destroy -auto-approve -input=false -no-color -lock=false]
TestTerraformConfluentOperatorExample 2022-07-27T04:36:07Z logger.go:66: module.confluent_operator.kubernetes_namespace_v1.namespace[0]: Refreshing state... [id=confluent]
TestTerraformConfluentOperatorExample 2022-07-27T04:36:07Z logger.go:66: module.confluent_operator.helm_release.confluent_operator[0]: Refreshing state... [id=confluent-operator]
TestTerraformConfluentOperatorExample 2022-07-27T04:36:09Z logger.go:66:
TestTerraformConfluentOperatorExample 2022-07-27T04:36:09Z logger.go:66: Terraform used the selected providers to generate the following execution
TestTerraformConfluentOperatorExample 2022-07-27T04:36:09Z logger.go:66: plan. Resource actions are indicated with the following symbols:
TestTerraformConfluentOperatorExample 2022-07-27T04:36:09Z logger.go:66:   - destroy
TestTerraformConfluentOperatorExample 2022-07-27T04:36:09Z logger.go:66:
TestTerraformConfluentOperatorExample 2022-07-27T04:36:09Z logger.go:66: Terraform will perform the following actions:
TestTerraformConfluentOperatorExample 2022-07-27T04:36:09Z logger.go:66:
TestTerraformConfluentOperatorExample 2022-07-27T04:36:09Z logger.go:66:   # module.confluent_operator.helm_release.confluent_operator[0] will be destroyed
TestTerraformConfluentOperatorExample 2022-07-27T04:36:09Z logger.go:66:   - resource "helm_release" "confluent_operator" {
TestTerraformConfluentOperatorExample 2022-07-27T04:36:09Z logger.go:66:       - atomic                     = false -> null
TestTerraformConfluentOperatorExample 2022-07-27T04:36:09Z logger.go:66:       - chart                      = "confluent-for-kubernetes" -> null
TestTerraformConfluentOperatorExample 2022-07-27T04:36:09Z logger.go:66:       - cleanup_on_fail            = false -> null
TestTerraformConfluentOperatorExample 2022-07-27T04:36:09Z logger.go:66:       - create_namespace           = false -> null
TestTerraformConfluentOperatorExample 2022-07-27T04:36:09Z logger.go:66:       - dependency_update          = false -> null
TestTerraformConfluentOperatorExample 2022-07-27T04:36:09Z logger.go:66:       - disable_crd_hooks          = false -> null
TestTerraformConfluentOperatorExample 2022-07-27T04:36:09Z logger.go:66:       - disable_openapi_validation = false -> null
TestTerraformConfluentOperatorExample 2022-07-27T04:36:09Z logger.go:66:       - disable_webhooks           = false -> null
TestTerraformConfluentOperatorExample 2022-07-27T04:36:09Z logger.go:66:       - force_update               = false -> null
TestTerraformConfluentOperatorExample 2022-07-27T04:36:09Z logger.go:66:       - id                         = "confluent-operator" -> null
TestTerraformConfluentOperatorExample 2022-07-27T04:36:09Z logger.go:66:       - lint                       = false -> null
TestTerraformConfluentOperatorExample 2022-07-27T04:36:09Z logger.go:66:       - max_history                = 0 -> null
TestTerraformConfluentOperatorExample 2022-07-27T04:36:09Z logger.go:66:       - metadata                   = [
TestTerraformConfluentOperatorExample 2022-07-27T04:36:09Z logger.go:66:           - {
TestTerraformConfluentOperatorExample 2022-07-27T04:36:09Z logger.go:66:               - app_version = "2.4.0"
TestTerraformConfluentOperatorExample 2022-07-27T04:36:09Z logger.go:66:               - chart       = "confluent-for-kubernetes"
TestTerraformConfluentOperatorExample 2022-07-27T04:36:09Z logger.go:66:               - name        = "confluent-operator"
TestTerraformConfluentOperatorExample 2022-07-27T04:36:09Z logger.go:66:               - namespace   = "confluent"
TestTerraformConfluentOperatorExample 2022-07-27T04:36:09Z logger.go:66:               - revision    = 1
TestTerraformConfluentOperatorExample 2022-07-27T04:36:09Z logger.go:66:               - values      = "null"
TestTerraformConfluentOperatorExample 2022-07-27T04:36:09Z logger.go:66:               - version     = "0.517.12"
TestTerraformConfluentOperatorExample 2022-07-27T04:36:09Z logger.go:66:             },
TestTerraformConfluentOperatorExample 2022-07-27T04:36:09Z logger.go:66:         ] -> null
TestTerraformConfluentOperatorExample 2022-07-27T04:36:09Z logger.go:66:       - name                       = "confluent-operator" -> null
TestTerraformConfluentOperatorExample 2022-07-27T04:36:09Z logger.go:66:       - namespace                  = "confluent" -> null
TestTerraformConfluentOperatorExample 2022-07-27T04:36:09Z logger.go:66:       - pass_credentials           = false -> null
TestTerraformConfluentOperatorExample 2022-07-27T04:36:09Z logger.go:66:       - recreate_pods              = false -> null
TestTerraformConfluentOperatorExample 2022-07-27T04:36:09Z logger.go:66:       - render_subchart_notes      = true -> null
TestTerraformConfluentOperatorExample 2022-07-27T04:36:09Z logger.go:66:       - replace                    = false -> null
TestTerraformConfluentOperatorExample 2022-07-27T04:36:09Z logger.go:66:       - repository                 = "https://packages.confluent.io/helm" -> null
TestTerraformConfluentOperatorExample 2022-07-27T04:36:09Z logger.go:66:       - reset_values               = false -> null
TestTerraformConfluentOperatorExample 2022-07-27T04:36:09Z logger.go:66:       - reuse_values               = false -> null
TestTerraformConfluentOperatorExample 2022-07-27T04:36:09Z logger.go:66:       - skip_crds                  = false -> null
TestTerraformConfluentOperatorExample 2022-07-27T04:36:09Z logger.go:66:       - status                     = "deployed" -> null
TestTerraformConfluentOperatorExample 2022-07-27T04:36:09Z logger.go:66:       - timeout                    = 300 -> null
TestTerraformConfluentOperatorExample 2022-07-27T04:36:09Z logger.go:66:       - verify                     = false -> null
TestTerraformConfluentOperatorExample 2022-07-27T04:36:09Z logger.go:66:       - version                    = "0.517.12" -> null
TestTerraformConfluentOperatorExample 2022-07-27T04:36:09Z logger.go:66:       - wait                       = true -> null
TestTerraformConfluentOperatorExample 2022-07-27T04:36:09Z logger.go:66:       - wait_for_jobs              = true -> null
TestTerraformConfluentOperatorExample 2022-07-27T04:36:09Z logger.go:66:     }
TestTerraformConfluentOperatorExample 2022-07-27T04:36:09Z logger.go:66:
TestTerraformConfluentOperatorExample 2022-07-27T04:36:09Z logger.go:66:   # module.confluent_operator.kubernetes_namespace_v1.namespace[0] will be destroyed
TestTerraformConfluentOperatorExample 2022-07-27T04:36:09Z logger.go:66:   - resource "kubernetes_namespace_v1" "namespace" {
TestTerraformConfluentOperatorExample 2022-07-27T04:36:09Z logger.go:66:       - id = "confluent" -> null
TestTerraformConfluentOperatorExample 2022-07-27T04:36:09Z logger.go:66:
TestTerraformConfluentOperatorExample 2022-07-27T04:36:09Z logger.go:66:       - metadata {
TestTerraformConfluentOperatorExample 2022-07-27T04:36:09Z logger.go:66:           - annotations      = {} -> null
TestTerraformConfluentOperatorExample 2022-07-27T04:36:09Z logger.go:66:           - generation       = 0 -> null
TestTerraformConfluentOperatorExample 2022-07-27T04:36:09Z logger.go:66:           - labels           = {} -> null
TestTerraformConfluentOperatorExample 2022-07-27T04:36:09Z logger.go:66:           - name             = "confluent" -> null
TestTerraformConfluentOperatorExample 2022-07-27T04:36:09Z logger.go:66:           - resource_version = "593" -> null
TestTerraformConfluentOperatorExample 2022-07-27T04:36:09Z logger.go:66:           - uid              = "88c7ca87-9177-46f8-a917-05227325d1e0" -> null
TestTerraformConfluentOperatorExample 2022-07-27T04:36:09Z logger.go:66:         }
TestTerraformConfluentOperatorExample 2022-07-27T04:36:09Z logger.go:66:     }
TestTerraformConfluentOperatorExample 2022-07-27T04:36:09Z logger.go:66:
TestTerraformConfluentOperatorExample 2022-07-27T04:36:09Z logger.go:66: Plan: 0 to add, 0 to change, 2 to destroy.
TestTerraformConfluentOperatorExample 2022-07-27T04:36:09Z logger.go:66:
TestTerraformConfluentOperatorExample 2022-07-27T04:36:09Z logger.go:66: Changes to Outputs:
TestTerraformConfluentOperatorExample 2022-07-27T04:36:09Z logger.go:66:   - app_version                                       = "2.4.0" -> null
TestTerraformConfluentOperatorExample 2022-07-27T04:36:09Z logger.go:66:   - chart_version                                     = "0.517.12" -> null
TestTerraformConfluentOperatorExample 2022-07-27T04:36:09Z logger.go:66:   - confluent_platform_version_compatibilities        = [
TestTerraformConfluentOperatorExample 2022-07-27T04:36:09Z logger.go:66:       - "7.1",
TestTerraformConfluentOperatorExample 2022-07-27T04:36:09Z logger.go:66:       - "7.2",
TestTerraformConfluentOperatorExample 2022-07-27T04:36:09Z logger.go:66:     ] -> null
TestTerraformConfluentOperatorExample 2022-07-27T04:36:09Z logger.go:66:   - latest_confluent_platform_version_compatibilities = "7.2" -> null
TestTerraformConfluentOperatorExample 2022-07-27T04:36:09Z logger.go:66: module.confluent_operator.helm_release.confluent_operator[0]: Destroying... [id=confluent-operator]
TestTerraformConfluentOperatorExample 2022-07-27T04:36:10Z logger.go:66: module.confluent_operator.helm_release.confluent_operator[0]: Destruction complete after 0s
TestTerraformConfluentOperatorExample 2022-07-27T04:36:10Z logger.go:66: module.confluent_operator.kubernetes_namespace_v1.namespace[0]: Destroying... [id=confluent]
TestTerraformConfluentOperatorExample 2022-07-27T04:36:16Z logger.go:66: module.confluent_operator.kubernetes_namespace_v1.namespace[0]: Destruction complete after 7s
TestTerraformConfluentOperatorExample 2022-07-27T04:36:16Z logger.go:66:
TestTerraformConfluentOperatorExample 2022-07-27T04:36:16Z logger.go:66: Destroy complete! Resources: 2 destroyed.
--- PASS: TestTerraformConfluentOperatorExample (40.31s)
PASS
ok  	command-line-arguments	40.324s
