=== RUN   TestTerraformSchemaExample
TestTerraformSchemaExample 2022-08-04T18:56:10Z retry.go:91: terraform [init -upgrade=false]
TestTerraformSchemaExample 2022-08-04T18:56:10Z logger.go:66: Running command terraform with args [init -upgrade=false]
TestTerraformSchemaExample 2022-08-04T18:56:11Z logger.go:66: [0m[1mInitializing modules...[0m
TestTerraformSchemaExample 2022-08-04T18:56:12Z logger.go:66:
TestTerraformSchemaExample 2022-08-04T18:56:12Z logger.go:66: [0m[1mInitializing the backend...[0m
TestTerraformSchemaExample 2022-08-04T18:56:15Z logger.go:66:
TestTerraformSchemaExample 2022-08-04T18:56:15Z logger.go:66: [0m[1mInitializing provider plugins...[0m
TestTerraformSchemaExample 2022-08-04T18:56:15Z logger.go:66: - Reusing previous version of hashicorp/helm from the dependency lock file
TestTerraformSchemaExample 2022-08-04T18:56:16Z logger.go:66: - Reusing previous version of hashicorp/kubernetes from the dependency lock file
TestTerraformSchemaExample 2022-08-04T18:56:17Z logger.go:66: - Using previously-installed hashicorp/kubernetes v2.12.1
TestTerraformSchemaExample 2022-08-04T18:56:17Z logger.go:66: - Using previously-installed hashicorp/helm v2.6.0
TestTerraformSchemaExample 2022-08-04T18:56:17Z logger.go:66:
TestTerraformSchemaExample 2022-08-04T18:56:17Z logger.go:66: [0m[1m[32mTerraform has been successfully initialized![0m[32m[0m
TestTerraformSchemaExample 2022-08-04T18:56:17Z logger.go:66: [0m[32m
TestTerraformSchemaExample 2022-08-04T18:56:17Z logger.go:66: You may now begin working with Terraform. Try running "terraform plan" to see
TestTerraformSchemaExample 2022-08-04T18:56:17Z logger.go:66: any changes that are required for your infrastructure. All Terraform commands
TestTerraformSchemaExample 2022-08-04T18:56:17Z logger.go:66: should now work.
TestTerraformSchemaExample 2022-08-04T18:56:17Z logger.go:66:
TestTerraformSchemaExample 2022-08-04T18:56:17Z logger.go:66: If you ever set or change modules or backend configuration for Terraform,
TestTerraformSchemaExample 2022-08-04T18:56:17Z logger.go:66: rerun this command to reinitialize your working directory. If you forget, other
TestTerraformSchemaExample 2022-08-04T18:56:17Z logger.go:66: commands will detect it and remind you to do so if necessary.[0m
TestTerraformSchemaExample 2022-08-04T18:56:17Z retry.go:91: terraform [apply -input=false -auto-approve -var create_controlcenter=false -no-color -lock=false]
TestTerraformSchemaExample 2022-08-04T18:56:17Z logger.go:66: Running command terraform with args [apply -input=false -auto-approve -var create_controlcenter=false -no-color -lock=false]
TestTerraformSchemaExample 2022-08-04T18:56:32Z logger.go:66:
TestTerraformSchemaExample 2022-08-04T18:56:32Z logger.go:66: Terraform used the selected providers to generate the following execution
TestTerraformSchemaExample 2022-08-04T18:56:32Z logger.go:66: plan. Resource actions are indicated with the following symbols:
TestTerraformSchemaExample 2022-08-04T18:56:32Z logger.go:66:   + create
TestTerraformSchemaExample 2022-08-04T18:56:32Z logger.go:66:  <= read (data resources)
TestTerraformSchemaExample 2022-08-04T18:56:32Z logger.go:66:
TestTerraformSchemaExample 2022-08-04T18:56:32Z logger.go:66: Terraform will perform the following actions:
TestTerraformSchemaExample 2022-08-04T18:56:32Z logger.go:66:
TestTerraformSchemaExample 2022-08-04T18:56:32Z logger.go:66:   # module.confluent_platform.data.kubernetes_resource.components["connect"] will be read during apply
TestTerraformSchemaExample 2022-08-04T18:56:32Z logger.go:66:   # (depends on a resource or a module with changes pending)
TestTerraformSchemaExample 2022-08-04T18:56:32Z logger.go:66:  <= data "kubernetes_resource" "components" {
TestTerraformSchemaExample 2022-08-04T18:56:32Z logger.go:66:       + api_version = "platform.confluent.io/v1beta1"
TestTerraformSchemaExample 2022-08-04T18:56:32Z logger.go:66:       + kind        = "Connect"
TestTerraformSchemaExample 2022-08-04T18:56:32Z logger.go:66:       + object      = (known after apply)
TestTerraformSchemaExample 2022-08-04T18:56:32Z logger.go:66:
TestTerraformSchemaExample 2022-08-04T18:56:32Z logger.go:66:       + metadata {
TestTerraformSchemaExample 2022-08-04T18:56:32Z logger.go:66:           + name      = "connect"
TestTerraformSchemaExample 2022-08-04T18:56:32Z logger.go:66:           + namespace = "confluent"
TestTerraformSchemaExample 2022-08-04T18:56:32Z logger.go:66:         }
TestTerraformSchemaExample 2022-08-04T18:56:32Z logger.go:66:     }
TestTerraformSchemaExample 2022-08-04T18:56:32Z logger.go:66:
TestTerraformSchemaExample 2022-08-04T18:56:32Z logger.go:66:   # module.confluent_platform.data.kubernetes_resource.components["kafka"] will be read during apply
TestTerraformSchemaExample 2022-08-04T18:56:32Z logger.go:66:   # (depends on a resource or a module with changes pending)
TestTerraformSchemaExample 2022-08-04T18:56:32Z logger.go:66:  <= data "kubernetes_resource" "components" {
TestTerraformSchemaExample 2022-08-04T18:56:32Z logger.go:66:       + api_version = "platform.confluent.io/v1beta1"
TestTerraformSchemaExample 2022-08-04T18:56:32Z logger.go:66:       + kind        = "Kafka"
TestTerraformSchemaExample 2022-08-04T18:56:32Z logger.go:66:       + object      = (known after apply)
TestTerraformSchemaExample 2022-08-04T18:56:32Z logger.go:66:
TestTerraformSchemaExample 2022-08-04T18:56:32Z logger.go:66:       + metadata {
TestTerraformSchemaExample 2022-08-04T18:56:32Z logger.go:66:           + name      = "kafka"
TestTerraformSchemaExample 2022-08-04T18:56:32Z logger.go:66:           + namespace = "confluent"
TestTerraformSchemaExample 2022-08-04T18:56:32Z logger.go:66:         }
TestTerraformSchemaExample 2022-08-04T18:56:32Z logger.go:66:     }
TestTerraformSchemaExample 2022-08-04T18:56:32Z logger.go:66:
TestTerraformSchemaExample 2022-08-04T18:56:32Z logger.go:66:   # module.confluent_platform.data.kubernetes_resource.components["schemaregistry"] will be read during apply
TestTerraformSchemaExample 2022-08-04T18:56:32Z logger.go:66:   # (depends on a resource or a module with changes pending)
TestTerraformSchemaExample 2022-08-04T18:56:32Z logger.go:66:  <= data "kubernetes_resource" "components" {
TestTerraformSchemaExample 2022-08-04T18:56:32Z logger.go:66:       + api_version = "platform.confluent.io/v1beta1"
TestTerraformSchemaExample 2022-08-04T18:56:32Z logger.go:66:       + kind        = "SchemaRegistry"
TestTerraformSchemaExample 2022-08-04T18:56:32Z logger.go:66:       + object      = (known after apply)
TestTerraformSchemaExample 2022-08-04T18:56:32Z logger.go:66:
TestTerraformSchemaExample 2022-08-04T18:56:32Z logger.go:66:       + metadata {
TestTerraformSchemaExample 2022-08-04T18:56:32Z logger.go:66:           + name      = "schemaregistry"
TestTerraformSchemaExample 2022-08-04T18:56:32Z logger.go:66:           + namespace = "confluent"
TestTerraformSchemaExample 2022-08-04T18:56:32Z logger.go:66:         }
TestTerraformSchemaExample 2022-08-04T18:56:32Z logger.go:66:     }
TestTerraformSchemaExample 2022-08-04T18:56:32Z logger.go:66:
TestTerraformSchemaExample 2022-08-04T18:56:32Z logger.go:66:   # module.confluent_platform.data.kubernetes_resource.components["zookeeper"] will be read during apply
TestTerraformSchemaExample 2022-08-04T18:56:32Z logger.go:66:   # (depends on a resource or a module with changes pending)
TestTerraformSchemaExample 2022-08-04T18:56:32Z logger.go:66:  <= data "kubernetes_resource" "components" {
TestTerraformSchemaExample 2022-08-04T18:56:32Z logger.go:66:       + api_version = "platform.confluent.io/v1beta1"
TestTerraformSchemaExample 2022-08-04T18:56:32Z logger.go:66:       + kind        = "Zookeeper"
TestTerraformSchemaExample 2022-08-04T18:56:32Z logger.go:66:       + object      = (known after apply)
TestTerraformSchemaExample 2022-08-04T18:56:32Z logger.go:66:
TestTerraformSchemaExample 2022-08-04T18:56:32Z logger.go:66:       + metadata {
TestTerraformSchemaExample 2022-08-04T18:56:32Z logger.go:66:           + name      = "zookeeper"
TestTerraformSchemaExample 2022-08-04T18:56:32Z logger.go:66:           + namespace = "confluent"
TestTerraformSchemaExample 2022-08-04T18:56:32Z logger.go:66:         }
TestTerraformSchemaExample 2022-08-04T18:56:32Z logger.go:66:     }
TestTerraformSchemaExample 2022-08-04T18:56:32Z logger.go:66:
TestTerraformSchemaExample 2022-08-04T18:56:32Z logger.go:66:   # module.confluent_platform.kubernetes_manifest.components["connect"] will be created
TestTerraformSchemaExample 2022-08-04T18:56:32Z logger.go:66:   + resource "kubernetes_manifest" "components" {
TestTerraformSchemaExample 2022-08-04T18:56:32Z logger.go:66:       + computed_fields = [
TestTerraformSchemaExample 2022-08-04T18:56:32Z logger.go:66:           + "metadata.finalizers",
TestTerraformSchemaExample 2022-08-04T18:56:32Z logger.go:66:         ]
TestTerraformSchemaExample 2022-08-04T18:56:32Z logger.go:66:       + manifest        = {
TestTerraformSchemaExample 2022-08-04T18:56:32Z logger.go:66:           + apiVersion = "platform.confluent.io/v1beta1"
TestTerraformSchemaExample 2022-08-04T18:56:32Z logger.go:66:           + kind       = "Connect"
TestTerraformSchemaExample 2022-08-04T18:56:32Z logger.go:66:           + metadata   = {
TestTerraformSchemaExample 2022-08-04T18:56:32Z logger.go:66:               + name      = "connect"
TestTerraformSchemaExample 2022-08-04T18:56:32Z logger.go:66:               + namespace = "confluent"
TestTerraformSchemaExample 2022-08-04T18:56:32Z logger.go:66:             }
TestTerraformSchemaExample 2022-08-04T18:56:32Z logger.go:66:           + spec       = {
TestTerraformSchemaExample 2022-08-04T18:56:32Z logger.go:66:               + build        = {
TestTerraformSchemaExample 2022-08-04T18:56:32Z logger.go:66:                   + onDemand = {
TestTerraformSchemaExample 2022-08-04T18:56:32Z logger.go:66:                       + plugins = {
TestTerraformSchemaExample 2022-08-04T18:56:32Z logger.go:66:                           + confluentHub = [
TestTerraformSchemaExample 2022-08-04T18:56:32Z logger.go:66:                               + {
TestTerraformSchemaExample 2022-08-04T18:56:32Z logger.go:66:                                   + name    = "kafka-connect-datagen"
TestTerraformSchemaExample 2022-08-04T18:56:32Z logger.go:66:                                   + owner   = "confluentinc"
TestTerraformSchemaExample 2022-08-04T18:56:32Z logger.go:66:                                   + version = "0.5.2"
TestTerraformSchemaExample 2022-08-04T18:56:32Z logger.go:66:                                 },
TestTerraformSchemaExample 2022-08-04T18:56:32Z logger.go:66:                             ]
TestTerraformSchemaExample 2022-08-04T18:56:32Z logger.go:66:                           + locationType = "confluentHub"
TestTerraformSchemaExample 2022-08-04T18:56:32Z logger.go:66:                         }
TestTerraformSchemaExample 2022-08-04T18:56:32Z logger.go:66:                     }
TestTerraformSchemaExample 2022-08-04T18:56:32Z logger.go:66:                   + type     = "onDemand"
TestTerraformSchemaExample 2022-08-04T18:56:32Z logger.go:66:                 }
TestTerraformSchemaExample 2022-08-04T18:56:32Z logger.go:66:               + dependencies = {
TestTerraformSchemaExample 2022-08-04T18:56:32Z logger.go:66:                   + kafka = {
TestTerraformSchemaExample 2022-08-04T18:56:32Z logger.go:66:                       + bootstrapEndpoint = "kafka:9071"
TestTerraformSchemaExample 2022-08-04T18:56:32Z logger.go:66:                     }
TestTerraformSchemaExample 2022-08-04T18:56:32Z logger.go:66:                 }
TestTerraformSchemaExample 2022-08-04T18:56:32Z logger.go:66:               + image        = {
TestTerraformSchemaExample 2022-08-04T18:56:32Z logger.go:66:                   + application = "confluentinc/cp-server-connect:7.2.0"
TestTerraformSchemaExample 2022-08-04T18:56:32Z logger.go:66:                   + init        = "confluentinc/confluent-init-container:2.4.0"
TestTerraformSchemaExample 2022-08-04T18:56:32Z logger.go:66:                 }
TestTerraformSchemaExample 2022-08-04T18:56:32Z logger.go:66:               + replicas     = 1
TestTerraformSchemaExample 2022-08-04T18:56:32Z logger.go:66:             }
TestTerraformSchemaExample 2022-08-04T18:56:32Z logger.go:66:         }
TestTerraformSchemaExample 2022-08-04T18:56:32Z logger.go:66:       + object          = {
TestTerraformSchemaExample 2022-08-04T18:56:32Z logger.go:66:           + apiVersion = "platform.confluent.io/v1beta1"
TestTerraformSchemaExample 2022-08-04T18:56:32Z logger.go:66:           + kind       = "Connect"
TestTerraformSchemaExample 2022-08-04T18:56:32Z logger.go:66:           + metadata   = {
TestTerraformSchemaExample 2022-08-04T18:56:32Z logger.go:66:               + annotations                = (known after apply)
TestTerraformSchemaExample 2022-08-04T18:56:32Z logger.go:66:               + clusterName                = (known after apply)
TestTerraformSchemaExample 2022-08-04T18:56:32Z logger.go:66:               + creationTimestamp          = (known after apply)
TestTerraformSchemaExample 2022-08-04T18:56:32Z logger.go:66:               + deletionGracePeriodSeconds = (known after apply)
TestTerraformSchemaExample 2022-08-04T18:56:32Z logger.go:66:               + deletionTimestamp          = (known after apply)
TestTerraformSchemaExample 2022-08-04T18:56:32Z logger.go:66:               + finalizers                 = (known after apply)
TestTerraformSchemaExample 2022-08-04T18:56:32Z logger.go:66:               + generateName               = (known after apply)
TestTerraformSchemaExample 2022-08-04T18:56:32Z logger.go:66:               + generation                 = (known after apply)
TestTerraformSchemaExample 2022-08-04T18:56:32Z logger.go:66:               + labels                     = (known after apply)
TestTerraformSchemaExample 2022-08-04T18:56:32Z logger.go:66:               + managedFields              = (known after apply)
TestTerraformSchemaExample 2022-08-04T18:56:32Z logger.go:66:               + name                       = "connect"
TestTerraformSchemaExample 2022-08-04T18:56:32Z logger.go:66:               + namespace                  = "confluent"
TestTerraformSchemaExample 2022-08-04T18:56:32Z logger.go:66:               + ownerReferences            = (known after apply)
TestTerraformSchemaExample 2022-08-04T18:56:32Z logger.go:66:               + resourceVersion            = (known after apply)
TestTerraformSchemaExample 2022-08-04T18:56:32Z logger.go:66:               + selfLink                   = (known after apply)
TestTerraformSchemaExample 2022-08-04T18:56:32Z logger.go:66:               + uid                        = (known after apply)
TestTerraformSchemaExample 2022-08-04T18:56:32Z logger.go:66:             }
TestTerraformSchemaExample 2022-08-04T18:56:32Z logger.go:66:           + spec       = {
TestTerraformSchemaExample 2022-08-04T18:56:32Z logger.go:66:               + authentication                 = {
TestTerraformSchemaExample 2022-08-04T18:56:32Z logger.go:66:                   + basic = {
TestTerraformSchemaExample 2022-08-04T18:56:32Z logger.go:66:                       + debug                    = (known after apply)
TestTerraformSchemaExample 2022-08-04T18:56:32Z logger.go:66:                       + directoryPathInContainer = (known after apply)
TestTerraformSchemaExample 2022-08-04T18:56:32Z logger.go:66:                       + restrictedRoles          = (known after apply)
TestTerraformSchemaExample 2022-08-04T18:56:32Z logger.go:66:                       + roles                    = (known after apply)
TestTerraformSchemaExample 2022-08-04T18:56:32Z logger.go:66:                       + secretRef                = (known after apply)
TestTerraformSchemaExample 2022-08-04T18:56:32Z logger.go:66:                     }
TestTerraformSchemaExample 2022-08-04T18:56:32Z logger.go:66:                   + type  = (known after apply)
TestTerraformSchemaExample 2022-08-04T18:56:32Z logger.go:66:                 }
TestTerraformSchemaExample 2022-08-04T18:56:32Z logger.go:66:               + authorization                  = {
TestTerraformSchemaExample 2022-08-04T18:56:32Z logger.go:66:                   + kafkaRestClassRef = {
TestTerraformSchemaExample 2022-08-04T18:56:32Z logger.go:66:                       + name      = (known after apply)
TestTerraformSchemaExample 2022-08-04T18:56:32Z logger.go:66:                       + namespace = (known after apply)
TestTerraformSchemaExample 2022-08-04T18:56:32Z logger.go:66:                     }
TestTerraformSchemaExample 2022-08-04T18:56:32Z logger.go:66:                   + type              = (known after apply)
TestTerraformSchemaExample 2022-08-04T18:56:32Z logger.go:66:                 }
TestTerraformSchemaExample 2022-08-04T18:56:32Z logger.go:66:               + build                          = {
TestTerraformSchemaExample 2022-08-04T18:56:32Z logger.go:66:                   + onDemand = {
TestTerraformSchemaExample 2022-08-04T18:56:32Z logger.go:66:                       + plugins      = {
TestTerraformSchemaExample 2022-08-04T18:56:32Z logger.go:66:                           + confluentHub = [
TestTerraformSchemaExample 2022-08-04T18:56:32Z logger.go:66:                               + {
TestTerraformSchemaExample 2022-08-04T18:56:32Z logger.go:66:                                   + name    = "kafka-connect-datagen"
TestTerraformSchemaExample 2022-08-04T18:56:32Z logger.go:66:                                   + owner   = "confluentinc"
TestTerraformSchemaExample 2022-08-04T18:56:32Z logger.go:66:                                   + version = "0.5.2"
TestTerraformSchemaExample 2022-08-04T18:56:32Z logger.go:66:                                 },
TestTerraformSchemaExample 2022-08-04T18:56:32Z logger.go:66:                             ]
TestTerraformSchemaExample 2022-08-04T18:56:32Z logger.go:66:                           + locationType = "confluentHub"
TestTerraformSchemaExample 2022-08-04T18:56:32Z logger.go:66:                           + url          = (known after apply)
TestTerraformSchemaExample 2022-08-04T18:56:32Z logger.go:66:                         }
TestTerraformSchemaExample 2022-08-04T18:56:32Z logger.go:66:                       + storageLimit = (known after apply)
TestTerraformSchemaExample 2022-08-04T18:56:32Z logger.go:66:                     }
TestTerraformSchemaExample 2022-08-04T18:56:32Z logger.go:66:                   + type     = "onDemand"
TestTerraformSchemaExample 2022-08-04T18:56:32Z logger.go:66:                 }
TestTerraformSchemaExample 2022-08-04T18:56:32Z logger.go:66:               + configOverrides                = {
TestTerraformSchemaExample 2022-08-04T18:56:32Z logger.go:66:                   + jvm    = (known after apply)
TestTerraformSchemaExample 2022-08-04T18:56:32Z logger.go:66:                   + log4j  = (known after apply)
TestTerraformSchemaExample 2022-08-04T18:56:32Z logger.go:66:                   + server = (known after apply)
TestTerraformSchemaExample 2022-08-04T18:56:32Z logger.go:66:                 }
TestTerraformSchemaExample 2022-08-04T18:56:32Z logger.go:66:               + connectorOverridePolicy        = (known after apply)
TestTerraformSchemaExample 2022-08-04T18:56:32Z logger.go:66:               + connectorTLSCerts              = (known after apply)
TestTerraformSchemaExample 2022-08-04T18:56:32Z logger.go:66:               + dependencies                   = {
TestTerraformSchemaExample 2022-08-04T18:56:32Z logger.go:66:                   + admin          = {
TestTerraformSchemaExample 2022-08-04T18:56:32Z logger.go:66:                       + authentication    = {
TestTerraformSchemaExample 2022-08-04T18:56:32Z logger.go:66:                           + jaasConfig            = {
TestTerraformSchemaExample 2022-08-04T18:56:32Z logger.go:66:                               + secretRef = (known after apply)
TestTerraformSchemaExample 2022-08-04T18:56:32Z logger.go:66:                             }
TestTerraformSchemaExample 2022-08-04T18:56:32Z logger.go:66:                           + jaasConfigPassThrough = {
TestTerraformSchemaExample 2022-08-04T18:56:32Z logger.go:66:                               + directoryPathInContainer = (known after apply)
TestTerraformSchemaExample 2022-08-04T18:56:32Z logger.go:66:                               + secretRef                = (known after apply)
TestTerraformSchemaExample 2022-08-04T18:56:32Z logger.go:66:                             }
TestTerraformSchemaExample 2022-08-04T18:56:32Z logger.go:66:                           + oauthbearer           = {
TestTerraformSchemaExample 2022-08-04T18:56:32Z logger.go:66:                               + directoryPathInContainer = (known after apply)
TestTerraformSchemaExample 2022-08-04T18:56:32Z logger.go:66:                               + secretRef                = (known after apply)
TestTerraformSchemaExample 2022-08-04T18:56:32Z logger.go:66:                             }
TestTerraformSchemaExample 2022-08-04T18:56:32Z logger.go:66:                           + type                  = (known after apply)
TestTerraformSchemaExample 2022-08-04T18:56:32Z logger.go:66:                         }
TestTerraformSchemaExample 2022-08-04T18:56:32Z logger.go:66:                       + bootstrapEndpoint = (known after apply)
TestTerraformSchemaExample 2022-08-04T18:56:32Z logger.go:66:                       + discovery         = {
TestTerraformSchemaExample 2022-08-04T18:56:32Z logger.go:66:                           + name      = (known after apply)
TestTerraformSchemaExample 2022-08-04T18:56:32Z logger.go:66:                           + namespace = (known after apply)
TestTerraformSchemaExample 2022-08-04T18:56:32Z logger.go:66:                           + secretRef = (known after apply)
TestTerraformSchemaExample 2022-08-04T18:56:32Z logger.go:66:                         }
TestTerraformSchemaExample 2022-08-04T18:56:32Z logger.go:66:                       + tls               = {
TestTerraformSchemaExample 2022-08-04T18:56:32Z logger.go:66:                           + directoryPathInContainer = (known after apply)
TestTerraformSchemaExample 2022-08-04T18:56:32Z logger.go:66:                           + enabled                  = (known after apply)
TestTerraformSchemaExample 2022-08-04T18:56:32Z logger.go:66:                           + ignoreTrustStoreConfig   = (known after apply)
TestTerraformSchemaExample 2022-08-04T18:56:32Z logger.go:66:                           + jksPassword              = {
TestTerraformSchemaExample 2022-08-04T18:56:32Z logger.go:66:                               + secretRef = (known after apply)
TestTerraformSchemaExample 2022-08-04T18:56:32Z logger.go:66:                             }
TestTerraformSchemaExample 2022-08-04T18:56:32Z logger.go:66:                           + secretRef                = (known after apply)
TestTerraformSchemaExample 2022-08-04T18:56:32Z logger.go:66:                         }
TestTerraformSchemaExample 2022-08-04T18:56:32Z logger.go:66:                     }
TestTerraformSchemaExample 2022-08-04T18:56:32Z logger.go:66:                   + consumer       = {
TestTerraformSchemaExample 2022-08-04T18:56:32Z logger.go:66:                       + authentication    = {
TestTerraformSchemaExample 2022-08-04T18:56:32Z logger.go:66:                           + jaasConfig            = {
TestTerraformSchemaExample 2022-08-04T18:56:32Z logger.go:66:                               + secretRef = (known after apply)
TestTerraformSchemaExample 2022-08-04T18:56:32Z logger.go:66:                             }
TestTerraformSchemaExample 2022-08-04T18:56:32Z logger.go:66:                           + jaasConfigPassThrough = {
TestTerraformSchemaExample 2022-08-04T18:56:32Z logger.go:66:                               + directoryPathInContainer = (known after apply)
TestTerraformSchemaExample 2022-08-04T18:56:32Z logger.go:66:                               + secretRef                = (known after apply)
TestTerraformSchemaExample 2022-08-04T18:56:32Z logger.go:66:                             }
TestTerraformSchemaExample 2022-08-04T18:56:32Z logger.go:66:                           + oauthbearer           = {
TestTerraformSchemaExample 2022-08-04T18:56:32Z logger.go:66:                               + directoryPathInContainer = (known after apply)
TestTerraformSchemaExample 2022-08-04T18:56:32Z logger.go:66:                               + secretRef                = (known after apply)
TestTerraformSchemaExample 2022-08-04T18:56:32Z logger.go:66:                             }
TestTerraformSchemaExample 2022-08-04T18:56:32Z logger.go:66:                           + type                  = (known after apply)
TestTerraformSchemaExample 2022-08-04T18:56:32Z logger.go:66:                         }
TestTerraformSchemaExample 2022-08-04T18:56:32Z logger.go:66:                       + bootstrapEndpoint = (known after apply)
TestTerraformSchemaExample 2022-08-04T18:56:32Z logger.go:66:                       + discovery         = {
TestTerraformSchemaExample 2022-08-04T18:56:32Z logger.go:66:                           + name      = (known after apply)
TestTerraformSchemaExample 2022-08-04T18:56:32Z logger.go:66:                           + namespace = (known after apply)
TestTerraformSchemaExample 2022-08-04T18:56:32Z logger.go:66:                           + secretRef = (known after apply)
TestTerraformSchemaExample 2022-08-04T18:56:32Z logger.go:66:                         }
TestTerraformSchemaExample 2022-08-04T18:56:32Z logger.go:66:                       + tls               = {
TestTerraformSchemaExample 2022-08-04T18:56:32Z logger.go:66:                           + directoryPathInContainer = (known after apply)
TestTerraformSchemaExample 2022-08-04T18:56:32Z logger.go:66:                           + enabled                  = (known after apply)
TestTerraformSchemaExample 2022-08-04T18:56:32Z logger.go:66:                           + ignoreTrustStoreConfig   = (known after apply)
TestTerraformSchemaExample 2022-08-04T18:56:32Z logger.go:66:                           + jksPassword              = {
TestTerraformSchemaExample 2022-08-04T18:56:32Z logger.go:66:                               + secretRef = (known after apply)
TestTerraformSchemaExample 2022-08-04T18:56:32Z logger.go:66:                             }
TestTerraformSchemaExample 2022-08-04T18:56:32Z logger.go:66:                           + secretRef                = (known after apply)
TestTerraformSchemaExample 2022-08-04T18:56:32Z logger.go:66:                         }
TestTerraformSchemaExample 2022-08-04T18:56:32Z logger.go:66:                     }
TestTerraformSchemaExample 2022-08-04T18:56:32Z logger.go:66:                   + interceptor    = {
TestTerraformSchemaExample 2022-08-04T18:56:32Z logger.go:66:                       + configs   = (known after apply)
TestTerraformSchemaExample 2022-08-04T18:56:32Z logger.go:66:                       + consumer  = {
TestTerraformSchemaExample 2022-08-04T18:56:32Z logger.go:66:                           + authentication    = {
TestTerraformSchemaExample 2022-08-04T18:56:32Z logger.go:66:                               + jaasConfig            = {
TestTerraformSchemaExample 2022-08-04T18:56:32Z logger.go:66:                                   + secretRef = (known after apply)
TestTerraformSchemaExample 2022-08-04T18:56:32Z logger.go:66:                                 }
TestTerraformSchemaExample 2022-08-04T18:56:32Z logger.go:66:                               + jaasConfigPassThrough = {
TestTerraformSchemaExample 2022-08-04T18:56:32Z logger.go:66:                                   + directoryPathInContainer = (known after apply)
TestTerraformSchemaExample 2022-08-04T18:56:32Z logger.go:66:                                   + secretRef                = (known after apply)
TestTerraformSchemaExample 2022-08-04T18:56:32Z logger.go:66:                                 }
TestTerraformSchemaExample 2022-08-04T18:56:32Z logger.go:66:                               + oauthbearer           = {
TestTerraformSchemaExample 2022-08-04T18:56:32Z logger.go:66:                                   + directoryPathInContainer = (known after apply)
TestTerraformSchemaExample 2022-08-04T18:56:32Z logger.go:66:                                   + secretRef                = (known after apply)
TestTerraformSchemaExample 2022-08-04T18:56:32Z logger.go:66:                                 }
TestTerraformSchemaExample 2022-08-04T18:56:32Z logger.go:66:                               + type                  = (known after apply)
TestTerraformSchemaExample 2022-08-04T18:56:32Z logger.go:66:                             }
TestTerraformSchemaExample 2022-08-04T18:56:32Z logger.go:66:                           + bootstrapEndpoint = (known after apply)
TestTerraformSchemaExample 2022-08-04T18:56:32Z logger.go:66:                           + discovery         = {
TestTerraformSchemaExample 2022-08-04T18:56:32Z logger.go:66:                               + name      = (known after apply)
TestTerraformSchemaExample 2022-08-04T18:56:32Z logger.go:66:                               + namespace = (known after apply)
TestTerraformSchemaExample 2022-08-04T18:56:32Z logger.go:66:                               + secretRef = (known after apply)
TestTerraformSchemaExample 2022-08-04T18:56:32Z logger.go:66:                             }
TestTerraformSchemaExample 2022-08-04T18:56:32Z logger.go:66:                           + tls               = {
TestTerraformSchemaExample 2022-08-04T18:56:32Z logger.go:66:                               + directoryPathInContainer = (known after apply)
TestTerraformSchemaExample 2022-08-04T18:56:32Z logger.go:66:                               + enabled                  = (known after apply)
TestTerraformSchemaExample 2022-08-04T18:56:32Z logger.go:66:                               + ignoreTrustStoreConfig   = (known after apply)
TestTerraformSchemaExample 2022-08-04T18:56:32Z logger.go:66:                               + jksPassword              = {
TestTerraformSchemaExample 2022-08-04T18:56:32Z logger.go:66:                                   + secretRef = (known after apply)
TestTerraformSchemaExample 2022-08-04T18:56:32Z logger.go:66:                                 }
TestTerraformSchemaExample 2022-08-04T18:56:32Z logger.go:66:                               + secretRef                = (known after apply)
TestTerraformSchemaExample 2022-08-04T18:56:32Z logger.go:66:                             }
TestTerraformSchemaExample 2022-08-04T18:56:32Z logger.go:66:                         }
TestTerraformSchemaExample 2022-08-04T18:56:32Z logger.go:66:                       + enabled   = (known after apply)
TestTerraformSchemaExample 2022-08-04T18:56:32Z logger.go:66:                       + producer  = {
TestTerraformSchemaExample 2022-08-04T18:56:32Z logger.go:66:                           + authentication    = {
TestTerraformSchemaExample 2022-08-04T18:56:32Z logger.go:66:                               + jaasConfig            = {
TestTerraformSchemaExample 2022-08-04T18:56:32Z logger.go:66:                                   + secretRef = (known after apply)
TestTerraformSchemaExample 2022-08-04T18:56:32Z logger.go:66:                                 }
TestTerraformSchemaExample 2022-08-04T18:56:32Z logger.go:66:                               + jaasConfigPassThrough = {
TestTerraformSchemaExample 2022-08-04T18:56:32Z logger.go:66:                                   + directoryPathInContainer = (known after apply)
TestTerraformSchemaExample 2022-08-04T18:56:32Z logger.go:66:                                   + secretRef                = (known after apply)
TestTerraformSchemaExample 2022-08-04T18:56:32Z logger.go:66:                                 }
TestTerraformSchemaExample 2022-08-04T18:56:32Z logger.go:66:                               + oauthbearer           = {
TestTerraformSchemaExample 2022-08-04T18:56:32Z logger.go:66:                                   + directoryPathInContainer = (known after apply)
TestTerraformSchemaExample 2022-08-04T18:56:32Z logger.go:66:                                   + secretRef                = (known after apply)
TestTerraformSchemaExample 2022-08-04T18:56:32Z logger.go:66:                                 }
TestTerraformSchemaExample 2022-08-04T18:56:32Z logger.go:66:                               + type                  = (known after apply)
TestTerraformSchemaExample 2022-08-04T18:56:32Z logger.go:66:                             }
TestTerraformSchemaExample 2022-08-04T18:56:32Z logger.go:66:                           + bootstrapEndpoint = (known after apply)
TestTerraformSchemaExample 2022-08-04T18:56:32Z logger.go:66:                           + discovery         = {
TestTerraformSchemaExample 2022-08-04T18:56:32Z logger.go:66:                               + name      = (known after apply)
TestTerraformSchemaExample 2022-08-04T18:56:32Z logger.go:66:                               + namespace = (known after apply)
TestTerraformSchemaExample 2022-08-04T18:56:32Z logger.go:66:                               + secretRef = (known after apply)
TestTerraformSchemaExample 2022-08-04T18:56:32Z logger.go:66:                             }
TestTerraformSchemaExample 2022-08-04T18:56:32Z logger.go:66:                           + tls               = {
TestTerraformSchemaExample 2022-08-04T18:56:32Z logger.go:66:                               + directoryPathInContainer = (known after apply)
TestTerraformSchemaExample 2022-08-04T18:56:32Z logger.go:66:                               + enabled                  = (known after apply)
TestTerraformSchemaExample 2022-08-04T18:56:32Z logger.go:66:                               + ignoreTrustStoreConfig   = (known after apply)
TestTerraformSchemaExample 2022-08-04T18:56:32Z logger.go:66:                               + jksPassword              = {
TestTerraformSchemaExample 2022-08-04T18:56:32Z logger.go:66:                                   + secretRef = (known after apply)
TestTerraformSchemaExample 2022-08-04T18:56:32Z logger.go:66:                                 }
TestTerraformSchemaExample 2022-08-04T18:56:32Z logger.go:66:                               + secretRef                = (known after apply)
TestTerraformSchemaExample 2022-08-04T18:56:32Z logger.go:66:                             }
TestTerraformSchemaExample 2022-08-04T18:56:32Z logger.go:66:                         }
TestTerraformSchemaExample 2022-08-04T18:56:32Z logger.go:66:                       + publishMs = (known after apply)
TestTerraformSchemaExample 2022-08-04T18:56:32Z logger.go:66:                     }
TestTerraformSchemaExample 2022-08-04T18:56:32Z logger.go:66:                   + kafka          = {
TestTerraformSchemaExample 2022-08-04T18:56:32Z logger.go:66:                       + authentication    = {
TestTerraformSchemaExample 2022-08-04T18:56:32Z logger.go:66:                           + jaasConfig            = {
TestTerraformSchemaExample 2022-08-04T18:56:32Z logger.go:66:                               + secretRef = (known after apply)
TestTerraformSchemaExample 2022-08-04T18:56:32Z logger.go:66:                             }
TestTerraformSchemaExample 2022-08-04T18:56:32Z logger.go:66:                           + jaasConfigPassThrough = {
TestTerraformSchemaExample 2022-08-04T18:56:32Z logger.go:66:                               + directoryPathInContainer = (known after apply)
TestTerraformSchemaExample 2022-08-04T18:56:32Z logger.go:66:                               + secretRef                = (known after apply)
TestTerraformSchemaExample 2022-08-04T18:56:32Z logger.go:66:                             }
TestTerraformSchemaExample 2022-08-04T18:56:32Z logger.go:66:                           + oauthbearer           = {
TestTerraformSchemaExample 2022-08-04T18:56:32Z logger.go:66:                               + directoryPathInContainer = (known after apply)
TestTerraformSchemaExample 2022-08-04T18:56:32Z logger.go:66:                               + secretRef                = (known after apply)
TestTerraformSchemaExample 2022-08-04T18:56:32Z logger.go:66:                             }
TestTerraformSchemaExample 2022-08-04T18:56:32Z logger.go:66:                           + type                  = (known after apply)
TestTerraformSchemaExample 2022-08-04T18:56:32Z logger.go:66:                         }
TestTerraformSchemaExample 2022-08-04T18:56:32Z logger.go:66:                       + bootstrapEndpoint = "kafka:9071"
TestTerraformSchemaExample 2022-08-04T18:56:32Z logger.go:66:                       + discovery         = {
TestTerraformSchemaExample 2022-08-04T18:56:32Z logger.go:66:                           + name      = (known after apply)
TestTerraformSchemaExample 2022-08-04T18:56:32Z logger.go:66:                           + namespace = (known after apply)
TestTerraformSchemaExample 2022-08-04T18:56:32Z logger.go:66:                           + secretRef = (known after apply)
TestTerraformSchemaExample 2022-08-04T18:56:32Z logger.go:66:                         }
TestTerraformSchemaExample 2022-08-04T18:56:32Z logger.go:66:                       + tls               = {
TestTerraformSchemaExample 2022-08-04T18:56:32Z logger.go:66:                           + directoryPathInContainer = (known after apply)
TestTerraformSchemaExample 2022-08-04T18:56:32Z logger.go:66:                           + enabled                  = (known after apply)
TestTerraformSchemaExample 2022-08-04T18:56:32Z logger.go:66:                           + ignoreTrustStoreConfig   = (known after apply)
TestTerraformSchemaExample 2022-08-04T18:56:32Z logger.go:66:                           + jksPassword              = {
TestTerraformSchemaExample 2022-08-04T18:56:32Z logger.go:66:                               + secretRef = (known after apply)
TestTerraformSchemaExample 2022-08-04T18:56:32Z logger.go:66:                             }
TestTerraformSchemaExample 2022-08-04T18:56:32Z logger.go:66:                           + secretRef                = (known after apply)
TestTerraformSchemaExample 2022-08-04T18:56:32Z logger.go:66:                         }
TestTerraformSchemaExample 2022-08-04T18:56:32Z logger.go:66:                     }
TestTerraformSchemaExample 2022-08-04T18:56:32Z logger.go:66:                   + mds            = {
TestTerraformSchemaExample 2022-08-04T18:56:32Z logger.go:66:                       + authentication = {
TestTerraformSchemaExample 2022-08-04T18:56:32Z logger.go:66:                           + bearer = {
TestTerraformSchemaExample 2022-08-04T18:56:32Z logger.go:66:                               + directoryPathInContainer = (known after apply)
TestTerraformSchemaExample 2022-08-04T18:56:32Z logger.go:66:                               + secretRef                = (known after apply)
TestTerraformSchemaExample 2022-08-04T18:56:32Z logger.go:66:                             }
TestTerraformSchemaExample 2022-08-04T18:56:32Z logger.go:66:                           + type   = (known after apply)
TestTerraformSchemaExample 2022-08-04T18:56:32Z logger.go:66:                         }
TestTerraformSchemaExample 2022-08-04T18:56:32Z logger.go:66:                       + endpoint       = (known after apply)
TestTerraformSchemaExample 2022-08-04T18:56:32Z logger.go:66:                       + tls            = {
TestTerraformSchemaExample 2022-08-04T18:56:32Z logger.go:66:                           + directoryPathInContainer = (known after apply)
TestTerraformSchemaExample 2022-08-04T18:56:32Z logger.go:66:                           + enabled                  = (known after apply)
TestTerraformSchemaExample 2022-08-04T18:56:32Z logger.go:66:                           + ignoreTrustStoreConfig   = (known after apply)
TestTerraformSchemaExample 2022-08-04T18:56:32Z logger.go:66:                           + jksPassword              = {
TestTerraformSchemaExample 2022-08-04T18:56:32Z logger.go:66:                               + secretRef = (known after apply)
TestTerraformSchemaExample 2022-08-04T18:56:32Z logger.go:66:                             }
TestTerraformSchemaExample 2022-08-04T18:56:32Z logger.go:66:                           + secretRef                = (known after apply)
TestTerraformSchemaExample 2022-08-04T18:56:32Z logger.go:66:                         }
TestTerraformSchemaExample 2022-08-04T18:56:32Z logger.go:66:                       + tokenKeyPair   = {
TestTerraformSchemaExample 2022-08-04T18:56:32Z logger.go:66:                           + directoryPathInContainer = (known after apply)
TestTerraformSchemaExample 2022-08-04T18:56:32Z logger.go:66:                           + secretRef                = (known after apply)
TestTerraformSchemaExample 2022-08-04T18:56:32Z logger.go:66:                         }
TestTerraformSchemaExample 2022-08-04T18:56:32Z logger.go:66:                     }
TestTerraformSchemaExample 2022-08-04T18:56:32Z logger.go:66:                   + producer       = {
TestTerraformSchemaExample 2022-08-04T18:56:32Z logger.go:66:                       + authentication    = {
TestTerraformSchemaExample 2022-08-04T18:56:32Z logger.go:66:                           + jaasConfig            = {
TestTerraformSchemaExample 2022-08-04T18:56:32Z logger.go:66:                               + secretRef = (known after apply)
TestTerraformSchemaExample 2022-08-04T18:56:32Z logger.go:66:                             }
TestTerraformSchemaExample 2022-08-04T18:56:32Z logger.go:66:                           + jaasConfigPassThrough = {
TestTerraformSchemaExample 2022-08-04T18:56:32Z logger.go:66:                               + directoryPathInContainer = (known after apply)
TestTerraformSchemaExample 2022-08-04T18:56:32Z logger.go:66:                               + secretRef                = (known after apply)
TestTerraformSchemaExample 2022-08-04T18:56:32Z logger.go:66:                             }
TestTerraformSchemaExample 2022-08-04T18:56:32Z logger.go:66:                           + oauthbearer           = {
TestTerraformSchemaExample 2022-08-04T18:56:32Z logger.go:66:                               + directoryPathInContainer = (known after apply)
TestTerraformSchemaExample 2022-08-04T18:56:32Z logger.go:66:                               + secretRef                = (known after apply)
TestTerraformSchemaExample 2022-08-04T18:56:32Z logger.go:66:                             }
TestTerraformSchemaExample 2022-08-04T18:56:32Z logger.go:66:                           + type                  = (known after apply)
TestTerraformSchemaExample 2022-08-04T18:56:32Z logger.go:66:                         }
TestTerraformSchemaExample 2022-08-04T18:56:32Z logger.go:66:                       + bootstrapEndpoint = (known after apply)
TestTerraformSchemaExample 2022-08-04T18:56:32Z logger.go:66:                       + discovery         = {
TestTerraformSchemaExample 2022-08-04T18:56:32Z logger.go:66:                           + name      = (known after apply)
TestTerraformSchemaExample 2022-08-04T18:56:32Z logger.go:66:                           + namespace = (known after apply)
TestTerraformSchemaExample 2022-08-04T18:56:32Z logger.go:66:                           + secretRef = (known after apply)
TestTerraformSchemaExample 2022-08-04T18:56:32Z logger.go:66:                         }
TestTerraformSchemaExample 2022-08-04T18:56:32Z logger.go:66:                       + tls               = {
TestTerraformSchemaExample 2022-08-04T18:56:32Z logger.go:66:                           + directoryPathInContainer = (known after apply)
TestTerraformSchemaExample 2022-08-04T18:56:32Z logger.go:66:                           + enabled                  = (known after apply)
TestTerraformSchemaExample 2022-08-04T18:56:32Z logger.go:66:                           + ignoreTrustStoreConfig   = (known after apply)
TestTerraformSchemaExample 2022-08-04T18:56:32Z logger.go:66:                           + jksPassword              = {
TestTerraformSchemaExample 2022-08-04T18:56:32Z logger.go:66:                               + secretRef = (known after apply)
TestTerraformSchemaExample 2022-08-04T18:56:32Z logger.go:66:                             }
TestTerraformSchemaExample 2022-08-04T18:56:32Z logger.go:66:                           + secretRef                = (known after apply)
TestTerraformSchemaExample 2022-08-04T18:56:32Z logger.go:66:                         }
TestTerraformSchemaExample 2022-08-04T18:56:32Z logger.go:66:                     }
TestTerraformSchemaExample 2022-08-04T18:56:32Z logger.go:66:                   + schemaRegistry = {
TestTerraformSchemaExample 2022-08-04T18:56:32Z logger.go:66:                       + authentication = {
TestTerraformSchemaExample 2022-08-04T18:56:32Z logger.go:66:                           + basic = {
TestTerraformSchemaExample 2022-08-04T18:56:32Z logger.go:66:                               + debug                    = (known after apply)
TestTerraformSchemaExample 2022-08-04T18:56:32Z logger.go:66:                               + directoryPathInContainer = (known after apply)
TestTerraformSchemaExample 2022-08-04T18:56:32Z logger.go:66:                               + restrictedRoles          = (known after apply)
TestTerraformSchemaExample 2022-08-04T18:56:32Z logger.go:66:                               + roles                    = (known after apply)
TestTerraformSchemaExample 2022-08-04T18:56:32Z logger.go:66:                               + secretRef                = (known after apply)
TestTerraformSchemaExample 2022-08-04T18:56:32Z logger.go:66:                             }
TestTerraformSchemaExample 2022-08-04T18:56:32Z logger.go:66:                           + type  = (known after apply)
TestTerraformSchemaExample 2022-08-04T18:56:32Z logger.go:66:                         }
TestTerraformSchemaExample 2022-08-04T18:56:32Z logger.go:66:                       + tls            = {
TestTerraformSchemaExample 2022-08-04T18:56:32Z logger.go:66:                           + directoryPathInContainer = (known after apply)
TestTerraformSchemaExample 2022-08-04T18:56:32Z logger.go:66:                           + enabled                  = (known after apply)
TestTerraformSchemaExample 2022-08-04T18:56:32Z logger.go:66:                           + ignoreTrustStoreConfig   = (known after apply)
TestTerraformSchemaExample 2022-08-04T18:56:32Z logger.go:66:                           + jksPassword              = {
TestTerraformSchemaExample 2022-08-04T18:56:32Z logger.go:66:                               + secretRef = (known after apply)
TestTerraformSchemaExample 2022-08-04T18:56:32Z logger.go:66:                             }
TestTerraformSchemaExample 2022-08-04T18:56:32Z logger.go:66:                           + secretRef                = (known after apply)
TestTerraformSchemaExample 2022-08-04T18:56:32Z logger.go:66:                         }
TestTerraformSchemaExample 2022-08-04T18:56:32Z logger.go:66:                       + url            = (known after apply)
TestTerraformSchemaExample 2022-08-04T18:56:32Z logger.go:66:                     }
TestTerraformSchemaExample 2022-08-04T18:56:32Z logger.go:66:                 }
TestTerraformSchemaExample 2022-08-04T18:56:32Z logger.go:66:               + enableSchemas                  = (known after apply)
TestTerraformSchemaExample 2022-08-04T18:56:32Z logger.go:66:               + externalAccess                 = {
TestTerraformSchemaExample 2022-08-04T18:56:32Z logger.go:66:                   + loadBalancer = {
TestTerraformSchemaExample 2022-08-04T18:56:32Z logger.go:66:                       + advertisedURL            = {
TestTerraformSchemaExample 2022-08-04T18:56:32Z logger.go:66:                           + enabled = (known after apply)
TestTerraformSchemaExample 2022-08-04T18:56:32Z logger.go:66:                           + prefix  = (known after apply)
TestTerraformSchemaExample 2022-08-04T18:56:32Z logger.go:66:                         }
TestTerraformSchemaExample 2022-08-04T18:56:32Z logger.go:66:                       + annotations              = (known after apply)
TestTerraformSchemaExample 2022-08-04T18:56:32Z logger.go:66:                       + domain                   = (known after apply)
TestTerraformSchemaExample 2022-08-04T18:56:32Z logger.go:66:                       + externalTrafficPolicy    = (known after apply)
TestTerraformSchemaExample 2022-08-04T18:56:32Z logger.go:66:                       + labels                   = (known after apply)
TestTerraformSchemaExample 2022-08-04T18:56:32Z logger.go:66:                       + loadBalancerSourceRanges = (known after apply)
TestTerraformSchemaExample 2022-08-04T18:56:32Z logger.go:66:                       + port                     = (known after apply)
TestTerraformSchemaExample 2022-08-04T18:56:32Z logger.go:66:                       + prefix                   = (known after apply)
TestTerraformSchemaExample 2022-08-04T18:56:32Z logger.go:66:                       + servicePorts             = (known after apply)
TestTerraformSchemaExample 2022-08-04T18:56:32Z logger.go:66:                       + sessionAffinity          = (known after apply)
TestTerraformSchemaExample 2022-08-04T18:56:32Z logger.go:66:                       + sessionAffinityConfig    = {
TestTerraformSchemaExample 2022-08-04T18:56:32Z logger.go:66:                           + clientIP = {
TestTerraformSchemaExample 2022-08-04T18:56:32Z logger.go:66:                               + timeoutSeconds = (known after apply)
TestTerraformSchemaExample 2022-08-04T18:56:32Z logger.go:66:                             }
TestTerraformSchemaExample 2022-08-04T18:56:32Z logger.go:66:                         }
TestTerraformSchemaExample 2022-08-04T18:56:32Z logger.go:66:                     }
TestTerraformSchemaExample 2022-08-04T18:56:32Z logger.go:66:                   + nodePort     = {
TestTerraformSchemaExample 2022-08-04T18:56:32Z logger.go:66:                       + advertisedURL         = {
TestTerraformSchemaExample 2022-08-04T18:56:32Z logger.go:66:                           + enabled = (known after apply)
TestTerraformSchemaExample 2022-08-04T18:56:32Z logger.go:66:                           + prefix  = (known after apply)
TestTerraformSchemaExample 2022-08-04T18:56:32Z logger.go:66:                         }
TestTerraformSchemaExample 2022-08-04T18:56:32Z logger.go:66:                       + annotations           = (known after apply)
TestTerraformSchemaExample 2022-08-04T18:56:32Z logger.go:66:                       + externalTrafficPolicy = (known after apply)
TestTerraformSchemaExample 2022-08-04T18:56:32Z logger.go:66:                       + host                  = (known after apply)
TestTerraformSchemaExample 2022-08-04T18:56:32Z logger.go:66:                       + labels                = (known after apply)
TestTerraformSchemaExample 2022-08-04T18:56:32Z logger.go:66:                       + nodePortOffset        = (known after apply)
TestTerraformSchemaExample 2022-08-04T18:56:32Z logger.go:66:                       + servicePorts          = (known after apply)
TestTerraformSchemaExample 2022-08-04T18:56:32Z logger.go:66:                       + sessionAffinity       = (known after apply)
TestTerraformSchemaExample 2022-08-04T18:56:32Z logger.go:66:                       + sessionAffinityConfig = {
TestTerraformSchemaExample 2022-08-04T18:56:32Z logger.go:66:                           + clientIP = {
TestTerraformSchemaExample 2022-08-04T18:56:32Z logger.go:66:                               + timeoutSeconds = (known after apply)
TestTerraformSchemaExample 2022-08-04T18:56:32Z logger.go:66:                             }
TestTerraformSchemaExample 2022-08-04T18:56:32Z logger.go:66:                         }
TestTerraformSchemaExample 2022-08-04T18:56:32Z logger.go:66:                     }
TestTerraformSchemaExample 2022-08-04T18:56:32Z logger.go:66:                   + route        = {
TestTerraformSchemaExample 2022-08-04T18:56:32Z logger.go:66:                       + annotations    = (known after apply)
TestTerraformSchemaExample 2022-08-04T18:56:32Z logger.go:66:                       + domain         = (known after apply)
TestTerraformSchemaExample 2022-08-04T18:56:32Z logger.go:66:                       + labels         = (known after apply)
TestTerraformSchemaExample 2022-08-04T18:56:32Z logger.go:66:                       + prefix         = (known after apply)
TestTerraformSchemaExample 2022-08-04T18:56:32Z logger.go:66:                       + wildcardPolicy = (known after apply)
TestTerraformSchemaExample 2022-08-04T18:56:32Z logger.go:66:                     }
TestTerraformSchemaExample 2022-08-04T18:56:32Z logger.go:66:                   + type         = (known after apply)
TestTerraformSchemaExample 2022-08-04T18:56:32Z logger.go:66:                 }
TestTerraformSchemaExample 2022-08-04T18:56:32Z logger.go:66:               + headlessService                = {
TestTerraformSchemaExample 2022-08-04T18:56:32Z logger.go:66:                   + annotations              = (known after apply)
TestTerraformSchemaExample 2022-08-04T18:56:32Z logger.go:66:                   + labels                   = (known after apply)
TestTerraformSchemaExample 2022-08-04T18:56:32Z logger.go:66:                   + publishNotReadyAddresses = (known after apply)
TestTerraformSchemaExample 2022-08-04T18:56:32Z logger.go:66:                 }
TestTerraformSchemaExample 2022-08-04T18:56:32Z logger.go:66:               + image                          = {
TestTerraformSchemaExample 2022-08-04T18:56:32Z logger.go:66:                   + application   = "confluentinc/cp-server-connect:7.2.0"
TestTerraformSchemaExample 2022-08-04T18:56:32Z logger.go:66:                   + init          = "confluentinc/confluent-init-container:2.4.0"
TestTerraformSchemaExample 2022-08-04T18:56:32Z logger.go:66:                   + pullPolicy    = (known after apply)
TestTerraformSchemaExample 2022-08-04T18:56:32Z logger.go:66:                   + pullSecretRef = (known after apply)
TestTerraformSchemaExample 2022-08-04T18:56:32Z logger.go:66:                 }
TestTerraformSchemaExample 2022-08-04T18:56:32Z logger.go:66:               + injectAnnotations              = (known after apply)
TestTerraformSchemaExample 2022-08-04T18:56:32Z logger.go:66:               + injectLabels                   = (known after apply)
TestTerraformSchemaExample 2022-08-04T18:56:32Z logger.go:66:               + internalTopicReplicationFactor = (known after apply)
TestTerraformSchemaExample 2022-08-04T18:56:32Z logger.go:66:               + k8sClusterDomain               = (known after apply)
TestTerraformSchemaExample 2022-08-04T18:56:32Z logger.go:66:               + keyConverterType               = (known after apply)
TestTerraformSchemaExample 2022-08-04T18:56:32Z logger.go:66:               + license                        = {
TestTerraformSchemaExample 2022-08-04T18:56:32Z logger.go:66:                   + directoryPathInContainer = (known after apply)
TestTerraformSchemaExample 2022-08-04T18:56:32Z logger.go:66:                   + globalLicense            = (known after apply)
TestTerraformSchemaExample 2022-08-04T18:56:32Z logger.go:66:                   + secretRef                = (known after apply)
TestTerraformSchemaExample 2022-08-04T18:56:32Z logger.go:66:                 }
TestTerraformSchemaExample 2022-08-04T18:56:32Z logger.go:66:               + metrics                        = {
TestTerraformSchemaExample 2022-08-04T18:56:32Z logger.go:66:                   + authentication = {
TestTerraformSchemaExample 2022-08-04T18:56:32Z logger.go:66:                       + type = (known after apply)
TestTerraformSchemaExample 2022-08-04T18:56:32Z logger.go:66:                     }
TestTerraformSchemaExample 2022-08-04T18:56:32Z logger.go:66:                   + prometheus     = {
TestTerraformSchemaExample 2022-08-04T18:56:32Z logger.go:66:                       + blacklist = (known after apply)
TestTerraformSchemaExample 2022-08-04T18:56:32Z logger.go:66:                       + rules     = (known after apply)
TestTerraformSchemaExample 2022-08-04T18:56:32Z logger.go:66:                       + whitelist = (known after apply)
TestTerraformSchemaExample 2022-08-04T18:56:32Z logger.go:66:                     }
TestTerraformSchemaExample 2022-08-04T18:56:32Z logger.go:66:                   + tls            = {
TestTerraformSchemaExample 2022-08-04T18:56:32Z logger.go:66:                       + directoryPathInContainer = (known after apply)
TestTerraformSchemaExample 2022-08-04T18:56:32Z logger.go:66:                       + enabled                  = (known after apply)
TestTerraformSchemaExample 2022-08-04T18:56:32Z logger.go:66:                       + ignoreTrustStoreConfig   = (known after apply)
TestTerraformSchemaExample 2022-08-04T18:56:32Z logger.go:66:                       + jksPassword              = {
TestTerraformSchemaExample 2022-08-04T18:56:32Z logger.go:66:                           + secretRef = (known after apply)
TestTerraformSchemaExample 2022-08-04T18:56:32Z logger.go:66:                         }
TestTerraformSchemaExample 2022-08-04T18:56:32Z logger.go:66:                       + secretRef                = (known after apply)
TestTerraformSchemaExample 2022-08-04T18:56:32Z logger.go:66:                     }
TestTerraformSchemaExample 2022-08-04T18:56:32Z logger.go:66:                 }
TestTerraformSchemaExample 2022-08-04T18:56:32Z logger.go:66:               + mountedSecrets                 = (known after apply)
TestTerraformSchemaExample 2022-08-04T18:56:32Z logger.go:66:               + mountedVolumes                 = {
TestTerraformSchemaExample 2022-08-04T18:56:32Z logger.go:66:                   + volumeMounts = (known after apply)
TestTerraformSchemaExample 2022-08-04T18:56:32Z logger.go:66:                   + volumes      = (known after apply)
TestTerraformSchemaExample 2022-08-04T18:56:32Z logger.go:66:                 }
TestTerraformSchemaExample 2022-08-04T18:56:32Z logger.go:66:               + oneReplicaPerNode              = (known after apply)
TestTerraformSchemaExample 2022-08-04T18:56:32Z logger.go:66:               + podTemplate                    = {
TestTerraformSchemaExample 2022-08-04T18:56:32Z logger.go:66:                   + affinity                      = {
TestTerraformSchemaExample 2022-08-04T18:56:32Z logger.go:66:                       + nodeAffinity    = {
TestTerraformSchemaExample 2022-08-04T18:56:32Z logger.go:66:                           + preferredDuringSchedulingIgnoredDuringExecution = (known after apply)
TestTerraformSchemaExample 2022-08-04T18:56:32Z logger.go:66:                           + requiredDuringSchedulingIgnoredDuringExecution  = {
TestTerraformSchemaExample 2022-08-04T18:56:32Z logger.go:66:                               + nodeSelectorTerms = (known after apply)
TestTerraformSchemaExample 2022-08-04T18:56:32Z logger.go:66:                             }
TestTerraformSchemaExample 2022-08-04T18:56:32Z logger.go:66:                         }
TestTerraformSchemaExample 2022-08-04T18:56:32Z logger.go:66:                       + podAffinity     = {
TestTerraformSchemaExample 2022-08-04T18:56:32Z logger.go:66:                           + preferredDuringSchedulingIgnoredDuringExecution = (known after apply)
TestTerraformSchemaExample 2022-08-04T18:56:32Z logger.go:66:                           + requiredDuringSchedulingIgnoredDuringExecution  = (known after apply)
TestTerraformSchemaExample 2022-08-04T18:56:32Z logger.go:66:                         }
TestTerraformSchemaExample 2022-08-04T18:56:32Z logger.go:66:                       + podAntiAffinity = {
TestTerraformSchemaExample 2022-08-04T18:56:32Z logger.go:66:                           + preferredDuringSchedulingIgnoredDuringExecution = (known after apply)
TestTerraformSchemaExample 2022-08-04T18:56:32Z logger.go:66:                           + requiredDuringSchedulingIgnoredDuringExecution  = (known after apply)
TestTerraformSchemaExample 2022-08-04T18:56:32Z logger.go:66:                         }
TestTerraformSchemaExample 2022-08-04T18:56:32Z logger.go:66:                     }
TestTerraformSchemaExample 2022-08-04T18:56:32Z logger.go:66:                   + annotations                   = (known after apply)
TestTerraformSchemaExample 2022-08-04T18:56:32Z logger.go:66:                   + envVars                       = (known after apply)
TestTerraformSchemaExample 2022-08-04T18:56:32Z logger.go:66:                   + labels                        = (known after apply)
TestTerraformSchemaExample 2022-08-04T18:56:32Z logger.go:66:                   + podSecurityContext            = {
TestTerraformSchemaExample 2022-08-04T18:56:32Z logger.go:66:                       + fsGroup             = (known after apply)
TestTerraformSchemaExample 2022-08-04T18:56:32Z logger.go:66:                       + fsGroupChangePolicy = (known after apply)
TestTerraformSchemaExample 2022-08-04T18:56:32Z logger.go:66:                       + runAsGroup          = (known after apply)
TestTerraformSchemaExample 2022-08-04T18:56:32Z logger.go:66:                       + runAsNonRoot        = (known after apply)
TestTerraformSchemaExample 2022-08-04T18:56:32Z logger.go:66:                       + runAsUser           = (known after apply)
TestTerraformSchemaExample 2022-08-04T18:56:32Z logger.go:66:                       + seLinuxOptions      = {
TestTerraformSchemaExample 2022-08-04T18:56:32Z logger.go:66:                           + level = (known after apply)
TestTerraformSchemaExample 2022-08-04T18:56:32Z logger.go:66:                           + role  = (known after apply)
TestTerraformSchemaExample 2022-08-04T18:56:32Z logger.go:66:                           + type  = (known after apply)
TestTerraformSchemaExample 2022-08-04T18:56:32Z logger.go:66:                           + user  = (known after apply)
TestTerraformSchemaExample 2022-08-04T18:56:32Z logger.go:66:                         }
TestTerraformSchemaExample 2022-08-04T18:56:32Z logger.go:66:                       + seccompProfile      = {
TestTerraformSchemaExample 2022-08-04T18:56:32Z logger.go:66:                           + localhostProfile = (known after apply)
TestTerraformSchemaExample 2022-08-04T18:56:32Z logger.go:66:                           + type             = (known after apply)
TestTerraformSchemaExample 2022-08-04T18:56:32Z logger.go:66:                         }
TestTerraformSchemaExample 2022-08-04T18:56:32Z logger.go:66:                       + supplementalGroups  = (known after apply)
TestTerraformSchemaExample 2022-08-04T18:56:32Z logger.go:66:                       + sysctls             = (known after apply)
TestTerraformSchemaExample 2022-08-04T18:56:32Z logger.go:66:                       + windowsOptions      = {
TestTerraformSchemaExample 2022-08-04T18:56:32Z logger.go:66:                           + gmsaCredentialSpec     = (known after apply)
TestTerraformSchemaExample 2022-08-04T18:56:32Z logger.go:66:                           + gmsaCredentialSpecName = (known after apply)
TestTerraformSchemaExample 2022-08-04T18:56:32Z logger.go:66:                           + hostProcess            = (known after apply)
TestTerraformSchemaExample 2022-08-04T18:56:32Z logger.go:66:                           + runAsUserName          = (known after apply)
TestTerraformSchemaExample 2022-08-04T18:56:32Z logger.go:66:                         }
TestTerraformSchemaExample 2022-08-04T18:56:32Z logger.go:66:                     }
TestTerraformSchemaExample 2022-08-04T18:56:32Z logger.go:66:                   + priorityClassName             = (known after apply)
TestTerraformSchemaExample 2022-08-04T18:56:32Z logger.go:66:                   + probe                         = {
TestTerraformSchemaExample 2022-08-04T18:56:32Z logger.go:66:                       + liveness  = {
TestTerraformSchemaExample 2022-08-04T18:56:32Z logger.go:66:                           + failureThreshold    = (known after apply)
TestTerraformSchemaExample 2022-08-04T18:56:32Z logger.go:66:                           + initialDelaySeconds = (known after apply)
TestTerraformSchemaExample 2022-08-04T18:56:32Z logger.go:66:                           + periodSeconds       = (known after apply)
TestTerraformSchemaExample 2022-08-04T18:56:32Z logger.go:66:                           + successThreshold    = (known after apply)
TestTerraformSchemaExample 2022-08-04T18:56:32Z logger.go:66:                           + timeoutSeconds      = (known after apply)
TestTerraformSchemaExample 2022-08-04T18:56:32Z logger.go:66:                         }
TestTerraformSchemaExample 2022-08-04T18:56:32Z logger.go:66:                       + readiness = {
TestTerraformSchemaExample 2022-08-04T18:56:32Z logger.go:66:                           + failureThreshold    = (known after apply)
TestTerraformSchemaExample 2022-08-04T18:56:32Z logger.go:66:                           + initialDelaySeconds = (known after apply)
TestTerraformSchemaExample 2022-08-04T18:56:32Z logger.go:66:                           + periodSeconds       = (known after apply)
TestTerraformSchemaExample 2022-08-04T18:56:32Z logger.go:66:                           + successThreshold    = (known after apply)
TestTerraformSchemaExample 2022-08-04T18:56:32Z logger.go:66:                           + timeoutSeconds      = (known after apply)
TestTerraformSchemaExample 2022-08-04T18:56:32Z logger.go:66:                         }
TestTerraformSchemaExample 2022-08-04T18:56:32Z logger.go:66:                     }
TestTerraformSchemaExample 2022-08-04T18:56:32Z logger.go:66:                   + resources                     = {
TestTerraformSchemaExample 2022-08-04T18:56:32Z logger.go:66:                       + limits   = (known after apply)
TestTerraformSchemaExample 2022-08-04T18:56:32Z logger.go:66:                       + requests = (known after apply)
TestTerraformSchemaExample 2022-08-04T18:56:32Z logger.go:66:                     }
TestTerraformSchemaExample 2022-08-04T18:56:32Z logger.go:66:                   + securityContext               = {
TestTerraformSchemaExample 2022-08-04T18:56:32Z logger.go:66:                       + allowPrivilegeEscalation = (known after apply)
TestTerraformSchemaExample 2022-08-04T18:56:32Z logger.go:66:                       + capabilities             = {
TestTerraformSchemaExample 2022-08-04T18:56:32Z logger.go:66:                           + add  = (known after apply)
TestTerraformSchemaExample 2022-08-04T18:56:32Z logger.go:66:                           + drop = (known after apply)
TestTerraformSchemaExample 2022-08-04T18:56:32Z logger.go:66:                         }
TestTerraformSchemaExample 2022-08-04T18:56:32Z logger.go:66:                       + privileged               = (known after apply)
TestTerraformSchemaExample 2022-08-04T18:56:32Z logger.go:66:                       + procMount                = (known after apply)
TestTerraformSchemaExample 2022-08-04T18:56:32Z logger.go:66:                       + readOnlyRootFilesystem   = (known after apply)
TestTerraformSchemaExample 2022-08-04T18:56:32Z logger.go:66:                       + runAsGroup               = (known after apply)
TestTerraformSchemaExample 2022-08-04T18:56:32Z logger.go:66:                       + runAsNonRoot             = (known after apply)
TestTerraformSchemaExample 2022-08-04T18:56:32Z logger.go:66:                       + runAsUser                = (known after apply)
TestTerraformSchemaExample 2022-08-04T18:56:32Z logger.go:66:                       + seLinuxOptions           = {
TestTerraformSchemaExample 2022-08-04T18:56:32Z logger.go:66:                           + level = (known after apply)
TestTerraformSchemaExample 2022-08-04T18:56:32Z logger.go:66:                           + role  = (known after apply)
TestTerraformSchemaExample 2022-08-04T18:56:32Z logger.go:66:                           + type  = (known after apply)
TestTerraformSchemaExample 2022-08-04T18:56:32Z logger.go:66:                           + user  = (known after apply)
TestTerraformSchemaExample 2022-08-04T18:56:32Z logger.go:66:                         }
TestTerraformSchemaExample 2022-08-04T18:56:32Z logger.go:66:                       + seccompProfile           = {
TestTerraformSchemaExample 2022-08-04T18:56:32Z logger.go:66:                           + localhostProfile = (known after apply)
TestTerraformSchemaExample 2022-08-04T18:56:32Z logger.go:66:                           + type             = (known after apply)
TestTerraformSchemaExample 2022-08-04T18:56:32Z logger.go:66:                         }
TestTerraformSchemaExample 2022-08-04T18:56:32Z logger.go:66:                       + windowsOptions           = {
TestTerraformSchemaExample 2022-08-04T18:56:32Z logger.go:66:                           + gmsaCredentialSpec     = (known after apply)
TestTerraformSchemaExample 2022-08-04T18:56:32Z logger.go:66:                           + gmsaCredentialSpecName = (known after apply)
TestTerraformSchemaExample 2022-08-04T18:56:32Z logger.go:66:                           + hostProcess            = (known after apply)
TestTerraformSchemaExample 2022-08-04T18:56:32Z logger.go:66:                           + runAsUserName          = (known after apply)
TestTerraformSchemaExample 2022-08-04T18:56:32Z logger.go:66:                         }
TestTerraformSchemaExample 2022-08-04T18:56:32Z logger.go:66:                     }
TestTerraformSchemaExample 2022-08-04T18:56:32Z logger.go:66:                   + serviceAccountName            = (known after apply)
TestTerraformSchemaExample 2022-08-04T18:56:32Z logger.go:66:                   + terminationGracePeriodSeconds = (known after apply)
TestTerraformSchemaExample 2022-08-04T18:56:32Z logger.go:66:                   + tolerations                   = (known after apply)
TestTerraformSchemaExample 2022-08-04T18:56:32Z logger.go:66:                   + topologySpreadConstraints     = (known after apply)
TestTerraformSchemaExample 2022-08-04T18:56:32Z logger.go:66:                 }
TestTerraformSchemaExample 2022-08-04T18:56:32Z logger.go:66:               + replicas                       = 1
TestTerraformSchemaExample 2022-08-04T18:56:32Z logger.go:66:               + telemetry                      = {
TestTerraformSchemaExample 2022-08-04T18:56:32Z logger.go:66:                   + global = (known after apply)
TestTerraformSchemaExample 2022-08-04T18:56:32Z logger.go:66:                 }
TestTerraformSchemaExample 2022-08-04T18:56:32Z logger.go:66:               + tls                            = {
TestTerraformSchemaExample 2022-08-04T18:56:32Z logger.go:66:                   + autoGeneratedCerts       = (known after apply)
TestTerraformSchemaExample 2022-08-04T18:56:32Z logger.go:66:                   + directoryPathInContainer = (known after apply)
TestTerraformSchemaExample 2022-08-04T18:56:32Z logger.go:66:                   + ignoreTrustStoreConfig   = (known after apply)
TestTerraformSchemaExample 2022-08-04T18:56:32Z logger.go:66:                   + jksPassword              = {
TestTerraformSchemaExample 2022-08-04T18:56:32Z logger.go:66:                       + secretRef = (known after apply)
TestTerraformSchemaExample 2022-08-04T18:56:32Z logger.go:66:                     }
TestTerraformSchemaExample 2022-08-04T18:56:32Z logger.go:66:                   + secretRef                = (known after apply)
TestTerraformSchemaExample 2022-08-04T18:56:32Z logger.go:66:                 }
TestTerraformSchemaExample 2022-08-04T18:56:32Z logger.go:66:               + valueConverterType             = (known after apply)
TestTerraformSchemaExample 2022-08-04T18:56:32Z logger.go:66:             }
TestTerraformSchemaExample 2022-08-04T18:56:32Z logger.go:66:         }
TestTerraformSchemaExample 2022-08-04T18:56:32Z logger.go:66:
TestTerraformSchemaExample 2022-08-04T18:56:32Z logger.go:66:       + timeouts {
TestTerraformSchemaExample 2022-08-04T18:56:32Z logger.go:66:           + create = "1h"
TestTerraformSchemaExample 2022-08-04T18:56:32Z logger.go:66:           + delete = "10m"
TestTerraformSchemaExample 2022-08-04T18:56:32Z logger.go:66:           + update = "1h"
TestTerraformSchemaExample 2022-08-04T18:56:32Z logger.go:66:         }
TestTerraformSchemaExample 2022-08-04T18:56:32Z logger.go:66:
TestTerraformSchemaExample 2022-08-04T18:56:32Z logger.go:66:       + wait {
TestTerraformSchemaExample 2022-08-04T18:56:32Z logger.go:66:           + fields = {
TestTerraformSchemaExample 2022-08-04T18:56:32Z logger.go:66:               + "status.phase" = "RUNNING"
TestTerraformSchemaExample 2022-08-04T18:56:32Z logger.go:66:             }
TestTerraformSchemaExample 2022-08-04T18:56:32Z logger.go:66:         }
TestTerraformSchemaExample 2022-08-04T18:56:32Z logger.go:66:     }
TestTerraformSchemaExample 2022-08-04T18:56:32Z logger.go:66:
TestTerraformSchemaExample 2022-08-04T18:56:32Z logger.go:66:   # module.confluent_platform.kubernetes_manifest.components["kafka"] will be created
TestTerraformSchemaExample 2022-08-04T18:56:32Z logger.go:66:   + resource "kubernetes_manifest" "components" {
TestTerraformSchemaExample 2022-08-04T18:56:32Z logger.go:66:       + computed_fields = [
TestTerraformSchemaExample 2022-08-04T18:56:32Z logger.go:66:           + "metadata.finalizers",
TestTerraformSchemaExample 2022-08-04T18:56:32Z logger.go:66:         ]
TestTerraformSchemaExample 2022-08-04T18:56:32Z logger.go:66:       + manifest        = {
TestTerraformSchemaExample 2022-08-04T18:56:32Z logger.go:66:           + apiVersion = "platform.confluent.io/v1beta1"
TestTerraformSchemaExample 2022-08-04T18:56:32Z logger.go:66:           + kind       = "Kafka"
TestTerraformSchemaExample 2022-08-04T18:56:32Z logger.go:66:           + metadata   = {
TestTerraformSchemaExample 2022-08-04T18:56:32Z logger.go:66:               + name      = "kafka"
TestTerraformSchemaExample 2022-08-04T18:56:32Z logger.go:66:               + namespace = "confluent"
TestTerraformSchemaExample 2022-08-04T18:56:32Z logger.go:66:             }
TestTerraformSchemaExample 2022-08-04T18:56:32Z logger.go:66:           + spec       = {
TestTerraformSchemaExample 2022-08-04T18:56:32Z logger.go:66:               + dataVolumeCapacity = "10Gi"
TestTerraformSchemaExample 2022-08-04T18:56:32Z logger.go:66:               + image              = {
TestTerraformSchemaExample 2022-08-04T18:56:32Z logger.go:66:                   + application = "confluentinc/cp-server:7.2.0"
TestTerraformSchemaExample 2022-08-04T18:56:32Z logger.go:66:                   + init        = "confluentinc/confluent-init-container:2.4.0"
TestTerraformSchemaExample 2022-08-04T18:56:32Z logger.go:66:                 }
TestTerraformSchemaExample 2022-08-04T18:56:32Z logger.go:66:               + metricReporter     = {
TestTerraformSchemaExample 2022-08-04T18:56:32Z logger.go:66:                   + enabled = true
TestTerraformSchemaExample 2022-08-04T18:56:32Z logger.go:66:                 }
TestTerraformSchemaExample 2022-08-04T18:56:32Z logger.go:66:               + replicas           = 3
TestTerraformSchemaExample 2022-08-04T18:56:32Z logger.go:66:             }
TestTerraformSchemaExample 2022-08-04T18:56:32Z logger.go:66:         }
TestTerraformSchemaExample 2022-08-04T18:56:32Z logger.go:66:       + object          = {
TestTerraformSchemaExample 2022-08-04T18:56:32Z logger.go:66:           + apiVersion = "platform.confluent.io/v1beta1"
TestTerraformSchemaExample 2022-08-04T18:56:32Z logger.go:66:           + kind       = "Kafka"
TestTerraformSchemaExample 2022-08-04T18:56:32Z logger.go:66:           + metadata   = {
TestTerraformSchemaExample 2022-08-04T18:56:32Z logger.go:66:               + annotations                = (known after apply)
TestTerraformSchemaExample 2022-08-04T18:56:32Z logger.go:66:               + clusterName                = (known after apply)
TestTerraformSchemaExample 2022-08-04T18:56:32Z logger.go:66:               + creationTimestamp          = (known after apply)
TestTerraformSchemaExample 2022-08-04T18:56:32Z logger.go:66:               + deletionGracePeriodSeconds = (known after apply)
TestTerraformSchemaExample 2022-08-04T18:56:32Z logger.go:66:               + deletionTimestamp          = (known after apply)
TestTerraformSchemaExample 2022-08-04T18:56:32Z logger.go:66:               + finalizers                 = (known after apply)
TestTerraformSchemaExample 2022-08-04T18:56:32Z logger.go:66:               + generateName               = (known after apply)
TestTerraformSchemaExample 2022-08-04T18:56:32Z logger.go:66:               + generation                 = (known after apply)
TestTerraformSchemaExample 2022-08-04T18:56:32Z logger.go:66:               + labels                     = (known after apply)
TestTerraformSchemaExample 2022-08-04T18:56:32Z logger.go:66:               + managedFields              = (known after apply)
TestTerraformSchemaExample 2022-08-04T18:56:32Z logger.go:66:               + name                       = "kafka"
TestTerraformSchemaExample 2022-08-04T18:56:32Z logger.go:66:               + namespace                  = "confluent"
TestTerraformSchemaExample 2022-08-04T18:56:32Z logger.go:66:               + ownerReferences            = (known after apply)
TestTerraformSchemaExample 2022-08-04T18:56:32Z logger.go:66:               + resourceVersion            = (known after apply)
TestTerraformSchemaExample 2022-08-04T18:56:32Z logger.go:66:               + selfLink                   = (known after apply)
TestTerraformSchemaExample 2022-08-04T18:56:32Z logger.go:66:               + uid                        = (known after apply)
TestTerraformSchemaExample 2022-08-04T18:56:32Z logger.go:66:             }
TestTerraformSchemaExample 2022-08-04T18:56:32Z logger.go:66:           + spec       = {
TestTerraformSchemaExample 2022-08-04T18:56:32Z logger.go:66:               + authorization      = {
TestTerraformSchemaExample 2022-08-04T18:56:32Z logger.go:66:                   + superUsers = (known after apply)
TestTerraformSchemaExample 2022-08-04T18:56:32Z logger.go:66:                   + type       = (known after apply)
TestTerraformSchemaExample 2022-08-04T18:56:32Z logger.go:66:                 }
TestTerraformSchemaExample 2022-08-04T18:56:32Z logger.go:66:               + configOverrides    = {
TestTerraformSchemaExample 2022-08-04T18:56:32Z logger.go:66:                   + jvm    = (known after apply)
TestTerraformSchemaExample 2022-08-04T18:56:32Z logger.go:66:                   + log4j  = (known after apply)
TestTerraformSchemaExample 2022-08-04T18:56:32Z logger.go:66:                   + server = (known after apply)
TestTerraformSchemaExample 2022-08-04T18:56:32Z logger.go:66:                 }
TestTerraformSchemaExample 2022-08-04T18:56:32Z logger.go:66:               + dataVolumeCapacity = "10Gi"
TestTerraformSchemaExample 2022-08-04T18:56:32Z logger.go:66:               + dependencies       = {
TestTerraformSchemaExample 2022-08-04T18:56:32Z logger.go:66:                   + kafkaRest      = {
TestTerraformSchemaExample 2022-08-04T18:56:32Z logger.go:66:                       + authentication    = {
TestTerraformSchemaExample 2022-08-04T18:56:32Z logger.go:66:                           + bearer                = {
TestTerraformSchemaExample 2022-08-04T18:56:32Z logger.go:66:                               + directoryPathInContainer = (known after apply)
TestTerraformSchemaExample 2022-08-04T18:56:32Z logger.go:66:                               + secretRef                = (known after apply)
TestTerraformSchemaExample 2022-08-04T18:56:32Z logger.go:66:                             }
TestTerraformSchemaExample 2022-08-04T18:56:32Z logger.go:66:                           + jaasConfig            = {
TestTerraformSchemaExample 2022-08-04T18:56:32Z logger.go:66:                               + secretRef = (known after apply)
TestTerraformSchemaExample 2022-08-04T18:56:32Z logger.go:66:                             }
TestTerraformSchemaExample 2022-08-04T18:56:32Z logger.go:66:                           + jaasConfigPassThrough = {
TestTerraformSchemaExample 2022-08-04T18:56:32Z logger.go:66:                               + directoryPathInContainer = (known after apply)
TestTerraformSchemaExample 2022-08-04T18:56:32Z logger.go:66:                               + secretRef                = (known after apply)
TestTerraformSchemaExample 2022-08-04T18:56:32Z logger.go:66:                             }
TestTerraformSchemaExample 2022-08-04T18:56:32Z logger.go:66:                           + oauthbearer           = {
TestTerraformSchemaExample 2022-08-04T18:56:32Z logger.go:66:                               + directoryPathInContainer = (known after apply)
TestTerraformSchemaExample 2022-08-04T18:56:32Z logger.go:66:                               + secretRef                = (known after apply)
TestTerraformSchemaExample 2022-08-04T18:56:32Z logger.go:66:                             }
TestTerraformSchemaExample 2022-08-04T18:56:32Z logger.go:66:                           + type                  = (known after apply)
TestTerraformSchemaExample 2022-08-04T18:56:32Z logger.go:66:                         }
TestTerraformSchemaExample 2022-08-04T18:56:32Z logger.go:66:                       + bootstrapEndpoint = (known after apply)
TestTerraformSchemaExample 2022-08-04T18:56:32Z logger.go:66:                       + endpoint          = (known after apply)
TestTerraformSchemaExample 2022-08-04T18:56:32Z logger.go:66:                       + tls               = {
TestTerraformSchemaExample 2022-08-04T18:56:32Z logger.go:66:                           + directoryPathInContainer = (known after apply)
TestTerraformSchemaExample 2022-08-04T18:56:32Z logger.go:66:                           + enabled                  = (known after apply)
TestTerraformSchemaExample 2022-08-04T18:56:32Z logger.go:66:                           + ignoreTrustStoreConfig   = (known after apply)
TestTerraformSchemaExample 2022-08-04T18:56:32Z logger.go:66:                           + jksPassword              = {
TestTerraformSchemaExample 2022-08-04T18:56:32Z logger.go:66:                               + secretRef = (known after apply)
TestTerraformSchemaExample 2022-08-04T18:56:32Z logger.go:66:                             }
TestTerraformSchemaExample 2022-08-04T18:56:32Z logger.go:66:                           + secretRef                = (known after apply)
TestTerraformSchemaExample 2022-08-04T18:56:32Z logger.go:66:                         }
TestTerraformSchemaExample 2022-08-04T18:56:32Z logger.go:66:                     }
TestTerraformSchemaExample 2022-08-04T18:56:32Z logger.go:66:                   + mds            = {
TestTerraformSchemaExample 2022-08-04T18:56:32Z logger.go:66:                       + endpoint     = (known after apply)
TestTerraformSchemaExample 2022-08-04T18:56:32Z logger.go:66:                       + kafka        = {
TestTerraformSchemaExample 2022-08-04T18:56:32Z logger.go:66:                           + authentication    = {
TestTerraformSchemaExample 2022-08-04T18:56:32Z logger.go:66:                               + jaasConfig            = {
TestTerraformSchemaExample 2022-08-04T18:56:32Z logger.go:66:                                   + secretRef = (known after apply)
TestTerraformSchemaExample 2022-08-04T18:56:32Z logger.go:66:                                 }
TestTerraformSchemaExample 2022-08-04T18:56:32Z logger.go:66:                               + jaasConfigPassThrough = {
TestTerraformSchemaExample 2022-08-04T18:56:32Z logger.go:66:                                   + directoryPathInContainer = (known after apply)
TestTerraformSchemaExample 2022-08-04T18:56:32Z logger.go:66:                                   + secretRef                = (known after apply)
TestTerraformSchemaExample 2022-08-04T18:56:32Z logger.go:66:                                 }
TestTerraformSchemaExample 2022-08-04T18:56:32Z logger.go:66:                               + oauthbearer           = {
TestTerraformSchemaExample 2022-08-04T18:56:32Z logger.go:66:                                   + directoryPathInContainer = (known after apply)
TestTerraformSchemaExample 2022-08-04T18:56:32Z logger.go:66:                                   + secretRef                = (known after apply)
TestTerraformSchemaExample 2022-08-04T18:56:32Z logger.go:66:                                 }
TestTerraformSchemaExample 2022-08-04T18:56:32Z logger.go:66:                               + type                  = (known after apply)
TestTerraformSchemaExample 2022-08-04T18:56:32Z logger.go:66:                             }
TestTerraformSchemaExample 2022-08-04T18:56:32Z logger.go:66:                           + bootstrapEndpoint = (known after apply)
TestTerraformSchemaExample 2022-08-04T18:56:32Z logger.go:66:                           + discovery         = {
TestTerraformSchemaExample 2022-08-04T18:56:32Z logger.go:66:                               + name      = (known after apply)
TestTerraformSchemaExample 2022-08-04T18:56:32Z logger.go:66:                               + namespace = (known after apply)
TestTerraformSchemaExample 2022-08-04T18:56:32Z logger.go:66:                               + secretRef = (known after apply)
TestTerraformSchemaExample 2022-08-04T18:56:32Z logger.go:66:                             }
TestTerraformSchemaExample 2022-08-04T18:56:32Z logger.go:66:                           + tls               = {
TestTerraformSchemaExample 2022-08-04T18:56:32Z logger.go:66:                               + directoryPathInContainer = (known after apply)
TestTerraformSchemaExample 2022-08-04T18:56:32Z logger.go:66:                               + enabled                  = (known after apply)
TestTerraformSchemaExample 2022-08-04T18:56:32Z logger.go:66:                               + ignoreTrustStoreConfig   = (known after apply)
TestTerraformSchemaExample 2022-08-04T18:56:32Z logger.go:66:                               + jksPassword              = {
TestTerraformSchemaExample 2022-08-04T18:56:32Z logger.go:66:                                   + secretRef = (known after apply)
TestTerraformSchemaExample 2022-08-04T18:56:32Z logger.go:66:                                 }
TestTerraformSchemaExample 2022-08-04T18:56:32Z logger.go:66:                               + secretRef                = (known after apply)
TestTerraformSchemaExample 2022-08-04T18:56:32Z logger.go:66:                             }
TestTerraformSchemaExample 2022-08-04T18:56:32Z logger.go:66:                         }
TestTerraformSchemaExample 2022-08-04T18:56:32Z logger.go:66:                       + tls          = {
TestTerraformSchemaExample 2022-08-04T18:56:32Z logger.go:66:                           + directoryPathInContainer = (known after apply)
TestTerraformSchemaExample 2022-08-04T18:56:32Z logger.go:66:                           + enabled                  = (known after apply)
TestTerraformSchemaExample 2022-08-04T18:56:32Z logger.go:66:                           + ignoreTrustStoreConfig   = (known after apply)
TestTerraformSchemaExample 2022-08-04T18:56:32Z logger.go:66:                           + jksPassword              = {
TestTerraformSchemaExample 2022-08-04T18:56:32Z logger.go:66:                               + secretRef = (known after apply)
TestTerraformSchemaExample 2022-08-04T18:56:32Z logger.go:66:                             }
TestTerraformSchemaExample 2022-08-04T18:56:32Z logger.go:66:                           + secretRef                = (known after apply)
TestTerraformSchemaExample 2022-08-04T18:56:32Z logger.go:66:                         }
TestTerraformSchemaExample 2022-08-04T18:56:32Z logger.go:66:                       + tokenKeyPair = {
TestTerraformSchemaExample 2022-08-04T18:56:32Z logger.go:66:                           + directoryPathInContainer = (known after apply)
TestTerraformSchemaExample 2022-08-04T18:56:32Z logger.go:66:                           + secretRef                = (known after apply)
TestTerraformSchemaExample 2022-08-04T18:56:32Z logger.go:66:                         }
TestTerraformSchemaExample 2022-08-04T18:56:32Z logger.go:66:                     }
TestTerraformSchemaExample 2022-08-04T18:56:32Z logger.go:66:                   + schemaRegistry = {
TestTerraformSchemaExample 2022-08-04T18:56:32Z logger.go:66:                       + authentication = {
TestTerraformSchemaExample 2022-08-04T18:56:32Z logger.go:66:                           + basic = {
TestTerraformSchemaExample 2022-08-04T18:56:32Z logger.go:66:                               + debug                    = (known after apply)
TestTerraformSchemaExample 2022-08-04T18:56:32Z logger.go:66:                               + directoryPathInContainer = (known after apply)
TestTerraformSchemaExample 2022-08-04T18:56:32Z logger.go:66:                               + restrictedRoles          = (known after apply)
TestTerraformSchemaExample 2022-08-04T18:56:32Z logger.go:66:                               + roles                    = (known after apply)
TestTerraformSchemaExample 2022-08-04T18:56:32Z logger.go:66:                               + secretRef                = (known after apply)
TestTerraformSchemaExample 2022-08-04T18:56:32Z logger.go:66:                             }
TestTerraformSchemaExample 2022-08-04T18:56:32Z logger.go:66:                           + type  = (known after apply)
TestTerraformSchemaExample 2022-08-04T18:56:32Z logger.go:66:                         }
TestTerraformSchemaExample 2022-08-04T18:56:32Z logger.go:66:                       + tls            = {
TestTerraformSchemaExample 2022-08-04T18:56:32Z logger.go:66:                           + directoryPathInContainer = (known after apply)
TestTerraformSchemaExample 2022-08-04T18:56:32Z logger.go:66:                           + enabled                  = (known after apply)
TestTerraformSchemaExample 2022-08-04T18:56:32Z logger.go:66:                           + ignoreTrustStoreConfig   = (known after apply)
TestTerraformSchemaExample 2022-08-04T18:56:32Z logger.go:66:                           + jksPassword              = {
TestTerraformSchemaExample 2022-08-04T18:56:32Z logger.go:66:                               + secretRef = (known after apply)
TestTerraformSchemaExample 2022-08-04T18:56:32Z logger.go:66:                             }
TestTerraformSchemaExample 2022-08-04T18:56:32Z logger.go:66:                           + secretRef                = (known after apply)
TestTerraformSchemaExample 2022-08-04T18:56:32Z logger.go:66:                         }
TestTerraformSchemaExample 2022-08-04T18:56:32Z logger.go:66:                       + url            = (known after apply)
TestTerraformSchemaExample 2022-08-04T18:56:32Z logger.go:66:                     }
TestTerraformSchemaExample 2022-08-04T18:56:32Z logger.go:66:                   + zookeeper      = {
TestTerraformSchemaExample 2022-08-04T18:56:32Z logger.go:66:                       + authentication = {
TestTerraformSchemaExample 2022-08-04T18:56:32Z logger.go:66:                           + jaasConfig            = {
TestTerraformSchemaExample 2022-08-04T18:56:32Z logger.go:66:                               + secretRef = (known after apply)
TestTerraformSchemaExample 2022-08-04T18:56:32Z logger.go:66:                             }
TestTerraformSchemaExample 2022-08-04T18:56:32Z logger.go:66:                           + jaasConfigPassThrough = {
TestTerraformSchemaExample 2022-08-04T18:56:32Z logger.go:66:                               + directoryPathInContainer = (known after apply)
TestTerraformSchemaExample 2022-08-04T18:56:32Z logger.go:66:                               + secretRef                = (known after apply)
TestTerraformSchemaExample 2022-08-04T18:56:32Z logger.go:66:                             }
TestTerraformSchemaExample 2022-08-04T18:56:32Z logger.go:66:                           + oauthbearer           = {
TestTerraformSchemaExample 2022-08-04T18:56:32Z logger.go:66:                               + directoryPathInContainer = (known after apply)
TestTerraformSchemaExample 2022-08-04T18:56:32Z logger.go:66:                               + secretRef                = (known after apply)
TestTerraformSchemaExample 2022-08-04T18:56:32Z logger.go:66:                             }
TestTerraformSchemaExample 2022-08-04T18:56:32Z logger.go:66:                           + type                  = (known after apply)
TestTerraformSchemaExample 2022-08-04T18:56:32Z logger.go:66:                         }
TestTerraformSchemaExample 2022-08-04T18:56:32Z logger.go:66:                       + discovery      = {
TestTerraformSchemaExample 2022-08-04T18:56:32Z logger.go:66:                           + name      = (known after apply)
TestTerraformSchemaExample 2022-08-04T18:56:32Z logger.go:66:                           + namespace = (known after apply)
TestTerraformSchemaExample 2022-08-04T18:56:32Z logger.go:66:                           + secretRef = (known after apply)
TestTerraformSchemaExample 2022-08-04T18:56:32Z logger.go:66:                         }
TestTerraformSchemaExample 2022-08-04T18:56:32Z logger.go:66:                       + endpoint       = (known after apply)
TestTerraformSchemaExample 2022-08-04T18:56:32Z logger.go:66:                       + tls            = {
TestTerraformSchemaExample 2022-08-04T18:56:32Z logger.go:66:                           + directoryPathInContainer = (known after apply)
TestTerraformSchemaExample 2022-08-04T18:56:32Z logger.go:66:                           + enabled                  = (known after apply)
TestTerraformSchemaExample 2022-08-04T18:56:32Z logger.go:66:                           + ignoreTrustStoreConfig   = (known after apply)
TestTerraformSchemaExample 2022-08-04T18:56:32Z logger.go:66:                           + jksPassword              = {
TestTerraformSchemaExample 2022-08-04T18:56:32Z logger.go:66:                               + secretRef = (known after apply)
TestTerraformSchemaExample 2022-08-04T18:56:32Z logger.go:66:                             }
TestTerraformSchemaExample 2022-08-04T18:56:32Z logger.go:66:                           + secretRef                = (known after apply)
TestTerraformSchemaExample 2022-08-04T18:56:32Z logger.go:66:                         }
TestTerraformSchemaExample 2022-08-04T18:56:32Z logger.go:66:                     }
TestTerraformSchemaExample 2022-08-04T18:56:32Z logger.go:66:                 }
TestTerraformSchemaExample 2022-08-04T18:56:32Z logger.go:66:               + headlessService    = {
TestTerraformSchemaExample 2022-08-04T18:56:32Z logger.go:66:                   + annotations              = (known after apply)
TestTerraformSchemaExample 2022-08-04T18:56:32Z logger.go:66:                   + labels                   = (known after apply)
TestTerraformSchemaExample 2022-08-04T18:56:32Z logger.go:66:                   + publishNotReadyAddresses = (known after apply)
TestTerraformSchemaExample 2022-08-04T18:56:32Z logger.go:66:                 }
TestTerraformSchemaExample 2022-08-04T18:56:32Z logger.go:66:               + identityProvider   = {
TestTerraformSchemaExample 2022-08-04T18:56:32Z logger.go:66:                   + ldap = {
TestTerraformSchemaExample 2022-08-04T18:56:32Z logger.go:66:                       + address        = (known after apply)
TestTerraformSchemaExample 2022-08-04T18:56:32Z logger.go:66:                       + authentication = {
TestTerraformSchemaExample 2022-08-04T18:56:32Z logger.go:66:                           + simple = {
TestTerraformSchemaExample 2022-08-04T18:56:32Z logger.go:66:                               + directoryPathInContainer = (known after apply)
TestTerraformSchemaExample 2022-08-04T18:56:32Z logger.go:66:                               + secretRef                = (known after apply)
TestTerraformSchemaExample 2022-08-04T18:56:32Z logger.go:66:                             }
TestTerraformSchemaExample 2022-08-04T18:56:32Z logger.go:66:                           + type   = (known after apply)
TestTerraformSchemaExample 2022-08-04T18:56:32Z logger.go:66:                         }
TestTerraformSchemaExample 2022-08-04T18:56:32Z logger.go:66:                       + configurations = {
TestTerraformSchemaExample 2022-08-04T18:56:32Z logger.go:66:                           + groupMemberAttribute         = (known after apply)
TestTerraformSchemaExample 2022-08-04T18:56:32Z logger.go:66:                           + groupMemberAttributePattern  = (known after apply)
TestTerraformSchemaExample 2022-08-04T18:56:32Z logger.go:66:                           + groupNameAttribute           = (known after apply)
TestTerraformSchemaExample 2022-08-04T18:56:32Z logger.go:66:                           + groupObjectClass             = (known after apply)
TestTerraformSchemaExample 2022-08-04T18:56:32Z logger.go:66:                           + groupSearchBase              = (known after apply)
TestTerraformSchemaExample 2022-08-04T18:56:32Z logger.go:66:                           + groupSearchFilter            = (known after apply)
TestTerraformSchemaExample 2022-08-04T18:56:32Z logger.go:66:                           + groupSearchScope             = (known after apply)
TestTerraformSchemaExample 2022-08-04T18:56:32Z logger.go:66:                           + userMemberOfAttributePattern = (known after apply)
TestTerraformSchemaExample 2022-08-04T18:56:32Z logger.go:66:                           + userNameAttribute            = (known after apply)
TestTerraformSchemaExample 2022-08-04T18:56:32Z logger.go:66:                           + userObjectClass              = (known after apply)
TestTerraformSchemaExample 2022-08-04T18:56:32Z logger.go:66:                           + userSearchBase               = (known after apply)
TestTerraformSchemaExample 2022-08-04T18:56:32Z logger.go:66:                           + userSearchFilter             = (known after apply)
TestTerraformSchemaExample 2022-08-04T18:56:32Z logger.go:66:                           + userSearchScope              = (known after apply)
TestTerraformSchemaExample 2022-08-04T18:56:32Z logger.go:66:                         }
TestTerraformSchemaExample 2022-08-04T18:56:32Z logger.go:66:                       + tls            = {
TestTerraformSchemaExample 2022-08-04T18:56:32Z logger.go:66:                           + directoryPathInContainer = (known after apply)
TestTerraformSchemaExample 2022-08-04T18:56:32Z logger.go:66:                           + enabled                  = (known after apply)
TestTerraformSchemaExample 2022-08-04T18:56:32Z logger.go:66:                           + ignoreTrustStoreConfig   = (known after apply)
TestTerraformSchemaExample 2022-08-04T18:56:32Z logger.go:66:                           + jksPassword              = {
TestTerraformSchemaExample 2022-08-04T18:56:32Z logger.go:66:                               + secretRef = (known after apply)
TestTerraformSchemaExample 2022-08-04T18:56:32Z logger.go:66:                             }
TestTerraformSchemaExample 2022-08-04T18:56:32Z logger.go:66:                           + secretRef                = (known after apply)
TestTerraformSchemaExample 2022-08-04T18:56:32Z logger.go:66:                         }
TestTerraformSchemaExample 2022-08-04T18:56:32Z logger.go:66:                     }
TestTerraformSchemaExample 2022-08-04T18:56:32Z logger.go:66:                   + type = (known after apply)
TestTerraformSchemaExample 2022-08-04T18:56:32Z logger.go:66:                 }
TestTerraformSchemaExample 2022-08-04T18:56:32Z logger.go:66:               + image              = {
TestTerraformSchemaExample 2022-08-04T18:56:32Z logger.go:66:                   + application   = "confluentinc/cp-server:7.2.0"
TestTerraformSchemaExample 2022-08-04T18:56:32Z logger.go:66:                   + init          = "confluentinc/confluent-init-container:2.4.0"
TestTerraformSchemaExample 2022-08-04T18:56:32Z logger.go:66:                   + pullPolicy    = (known after apply)
TestTerraformSchemaExample 2022-08-04T18:56:32Z logger.go:66:                   + pullSecretRef = (known after apply)
TestTerraformSchemaExample 2022-08-04T18:56:32Z logger.go:66:                 }
TestTerraformSchemaExample 2022-08-04T18:56:32Z logger.go:66:               + injectAnnotations  = (known after apply)
TestTerraformSchemaExample 2022-08-04T18:56:32Z logger.go:66:               + injectLabels       = (known after apply)
TestTerraformSchemaExample 2022-08-04T18:56:32Z logger.go:66:               + k8sClusterDomain   = (known after apply)
TestTerraformSchemaExample 2022-08-04T18:56:32Z logger.go:66:               + license            = {
TestTerraformSchemaExample 2022-08-04T18:56:32Z logger.go:66:                   + directoryPathInContainer = (known after apply)
TestTerraformSchemaExample 2022-08-04T18:56:32Z logger.go:66:                   + globalLicense            = (known after apply)
TestTerraformSchemaExample 2022-08-04T18:56:32Z logger.go:66:                   + secretRef                = (known after apply)
TestTerraformSchemaExample 2022-08-04T18:56:32Z logger.go:66:                 }
TestTerraformSchemaExample 2022-08-04T18:56:32Z logger.go:66:               + listeners          = {
TestTerraformSchemaExample 2022-08-04T18:56:32Z logger.go:66:                   + custom   = (known after apply)
TestTerraformSchemaExample 2022-08-04T18:56:32Z logger.go:66:                   + external = {
TestTerraformSchemaExample 2022-08-04T18:56:32Z logger.go:66:                       + authentication = {
TestTerraformSchemaExample 2022-08-04T18:56:32Z logger.go:66:                           + jaasConfig            = {
TestTerraformSchemaExample 2022-08-04T18:56:32Z logger.go:66:                               + secretRef = (known after apply)
TestTerraformSchemaExample 2022-08-04T18:56:32Z logger.go:66:                             }
TestTerraformSchemaExample 2022-08-04T18:56:32Z logger.go:66:                           + jaasConfigPassThrough = {
TestTerraformSchemaExample 2022-08-04T18:56:32Z logger.go:66:                               + directoryPathInContainer = (known after apply)
TestTerraformSchemaExample 2022-08-04T18:56:32Z logger.go:66:                               + secretRef                = (known after apply)
TestTerraformSchemaExample 2022-08-04T18:56:32Z logger.go:66:                             }
TestTerraformSchemaExample 2022-08-04T18:56:32Z logger.go:66:                           + principalMappingRules = (known after apply)
TestTerraformSchemaExample 2022-08-04T18:56:32Z logger.go:66:                           + type                  = (known after apply)
TestTerraformSchemaExample 2022-08-04T18:56:32Z logger.go:66:                         }
TestTerraformSchemaExample 2022-08-04T18:56:32Z logger.go:66:                       + externalAccess = {
TestTerraformSchemaExample 2022-08-04T18:56:32Z logger.go:66:                           + loadBalancer              = {
TestTerraformSchemaExample 2022-08-04T18:56:32Z logger.go:66:                               + advertisedPort           = (known after apply)
TestTerraformSchemaExample 2022-08-04T18:56:32Z logger.go:66:                               + annotations              = (known after apply)
TestTerraformSchemaExample 2022-08-04T18:56:32Z logger.go:66:                               + bootstrapPrefix          = (known after apply)
TestTerraformSchemaExample 2022-08-04T18:56:32Z logger.go:66:                               + brokerPrefix             = (known after apply)
TestTerraformSchemaExample 2022-08-04T18:56:32Z logger.go:66:                               + domain                   = (known after apply)
TestTerraformSchemaExample 2022-08-04T18:56:32Z logger.go:66:                               + externalTrafficPolicy    = (known after apply)
TestTerraformSchemaExample 2022-08-04T18:56:32Z logger.go:66:                               + labels                   = (known after apply)
TestTerraformSchemaExample 2022-08-04T18:56:32Z logger.go:66:                               + loadBalancerSourceRanges = (known after apply)
TestTerraformSchemaExample 2022-08-04T18:56:32Z logger.go:66:                               + servicePorts             = (known after apply)
TestTerraformSchemaExample 2022-08-04T18:56:32Z logger.go:66:                               + sessionAffinity          = (known after apply)
TestTerraformSchemaExample 2022-08-04T18:56:32Z logger.go:66:                               + sessionAffinityConfig    = {
TestTerraformSchemaExample 2022-08-04T18:56:32Z logger.go:66:                                   + clientIP = {
TestTerraformSchemaExample 2022-08-04T18:56:32Z logger.go:66:                                       + timeoutSeconds = (known after apply)
TestTerraformSchemaExample 2022-08-04T18:56:32Z logger.go:66:                                     }
TestTerraformSchemaExample 2022-08-04T18:56:32Z logger.go:66:                                 }
TestTerraformSchemaExample 2022-08-04T18:56:32Z logger.go:66:                             }
TestTerraformSchemaExample 2022-08-04T18:56:32Z logger.go:66:                           + nodePort                  = {
TestTerraformSchemaExample 2022-08-04T18:56:32Z logger.go:66:                               + advertisedURL         = {
TestTerraformSchemaExample 2022-08-04T18:56:32Z logger.go:66:                                   + enabled = (known after apply)
TestTerraformSchemaExample 2022-08-04T18:56:32Z logger.go:66:                                   + prefix  = (known after apply)
TestTerraformSchemaExample 2022-08-04T18:56:32Z logger.go:66:                                 }
TestTerraformSchemaExample 2022-08-04T18:56:32Z logger.go:66:                               + annotations           = (known after apply)
TestTerraformSchemaExample 2022-08-04T18:56:32Z logger.go:66:                               + externalTrafficPolicy = (known after apply)
TestTerraformSchemaExample 2022-08-04T18:56:32Z logger.go:66:                               + host                  = (known after apply)
TestTerraformSchemaExample 2022-08-04T18:56:32Z logger.go:66:                               + labels                = (known after apply)
TestTerraformSchemaExample 2022-08-04T18:56:32Z logger.go:66:                               + nodePortOffset        = (known after apply)
TestTerraformSchemaExample 2022-08-04T18:56:32Z logger.go:66:                               + servicePorts          = (known after apply)
TestTerraformSchemaExample 2022-08-04T18:56:32Z logger.go:66:                               + sessionAffinity       = (known after apply)
TestTerraformSchemaExample 2022-08-04T18:56:32Z logger.go:66:                               + sessionAffinityConfig = {
TestTerraformSchemaExample 2022-08-04T18:56:32Z logger.go:66:                                   + clientIP = {
TestTerraformSchemaExample 2022-08-04T18:56:32Z logger.go:66:                                       + timeoutSeconds = (known after apply)
TestTerraformSchemaExample 2022-08-04T18:56:32Z logger.go:66:                                     }
TestTerraformSchemaExample 2022-08-04T18:56:32Z logger.go:66:                                 }
TestTerraformSchemaExample 2022-08-04T18:56:32Z logger.go:66:                             }
TestTerraformSchemaExample 2022-08-04T18:56:32Z logger.go:66:                           + route                     = {
TestTerraformSchemaExample 2022-08-04T18:56:32Z logger.go:66:                               + annotations     = (known after apply)
TestTerraformSchemaExample 2022-08-04T18:56:32Z logger.go:66:                               + bootstrapPrefix = (known after apply)
TestTerraformSchemaExample 2022-08-04T18:56:32Z logger.go:66:                               + brokerPrefix    = (known after apply)
TestTerraformSchemaExample 2022-08-04T18:56:32Z logger.go:66:                               + domain          = (known after apply)
TestTerraformSchemaExample 2022-08-04T18:56:32Z logger.go:66:                               + labels          = (known after apply)
TestTerraformSchemaExample 2022-08-04T18:56:32Z logger.go:66:                               + wildcardPolicy  = (known after apply)
TestTerraformSchemaExample 2022-08-04T18:56:32Z logger.go:66:                             }
TestTerraformSchemaExample 2022-08-04T18:56:32Z logger.go:66:                           + staticForHostBasedRouting = {
TestTerraformSchemaExample 2022-08-04T18:56:32Z logger.go:66:                               + brokerPrefix = (known after apply)
TestTerraformSchemaExample 2022-08-04T18:56:32Z logger.go:66:                               + domain       = (known after apply)
TestTerraformSchemaExample 2022-08-04T18:56:32Z logger.go:66:                               + port         = (known after apply)
TestTerraformSchemaExample 2022-08-04T18:56:32Z logger.go:66:                             }
TestTerraformSchemaExample 2022-08-04T18:56:32Z logger.go:66:                           + staticForPortBasedRouting = {
TestTerraformSchemaExample 2022-08-04T18:56:32Z logger.go:66:                               + host       = (known after apply)
TestTerraformSchemaExample 2022-08-04T18:56:32Z logger.go:66:                               + portOffset = (known after apply)
TestTerraformSchemaExample 2022-08-04T18:56:32Z logger.go:66:                             }
TestTerraformSchemaExample 2022-08-04T18:56:32Z logger.go:66:                           + type                      = (known after apply)
TestTerraformSchemaExample 2022-08-04T18:56:32Z logger.go:66:                         }
TestTerraformSchemaExample 2022-08-04T18:56:32Z logger.go:66:                       + tls            = {
TestTerraformSchemaExample 2022-08-04T18:56:32Z logger.go:66:                           + directoryPathInContainer = (known after apply)
TestTerraformSchemaExample 2022-08-04T18:56:32Z logger.go:66:                           + enabled                  = (known after apply)
TestTerraformSchemaExample 2022-08-04T18:56:32Z logger.go:66:                           + ignoreTrustStoreConfig   = (known after apply)
TestTerraformSchemaExample 2022-08-04T18:56:32Z logger.go:66:                           + jksPassword              = {
TestTerraformSchemaExample 2022-08-04T18:56:32Z logger.go:66:                               + secretRef = (known after apply)
TestTerraformSchemaExample 2022-08-04T18:56:32Z logger.go:66:                             }
TestTerraformSchemaExample 2022-08-04T18:56:32Z logger.go:66:                           + secretRef                = (known after apply)
TestTerraformSchemaExample 2022-08-04T18:56:32Z logger.go:66:                         }
TestTerraformSchemaExample 2022-08-04T18:56:32Z logger.go:66:                     }
TestTerraformSchemaExample 2022-08-04T18:56:32Z logger.go:66:                   + internal = {
TestTerraformSchemaExample 2022-08-04T18:56:32Z logger.go:66:                       + authentication = {
TestTerraformSchemaExample 2022-08-04T18:56:32Z logger.go:66:                           + jaasConfig            = {
TestTerraformSchemaExample 2022-08-04T18:56:32Z logger.go:66:                               + secretRef = (known after apply)
TestTerraformSchemaExample 2022-08-04T18:56:32Z logger.go:66:                             }
TestTerraformSchemaExample 2022-08-04T18:56:32Z logger.go:66:                           + jaasConfigPassThrough = {
TestTerraformSchemaExample 2022-08-04T18:56:32Z logger.go:66:                               + directoryPathInContainer = (known after apply)
TestTerraformSchemaExample 2022-08-04T18:56:32Z logger.go:66:                               + secretRef                = (known after apply)
TestTerraformSchemaExample 2022-08-04T18:56:32Z logger.go:66:                             }
TestTerraformSchemaExample 2022-08-04T18:56:32Z logger.go:66:                           + principalMappingRules = (known after apply)
TestTerraformSchemaExample 2022-08-04T18:56:32Z logger.go:66:                           + type                  = (known after apply)
TestTerraformSchemaExample 2022-08-04T18:56:32Z logger.go:66:                         }
TestTerraformSchemaExample 2022-08-04T18:56:32Z logger.go:66:                       + tls            = {
TestTerraformSchemaExample 2022-08-04T18:56:32Z logger.go:66:                           + directoryPathInContainer = (known after apply)
TestTerraformSchemaExample 2022-08-04T18:56:32Z logger.go:66:                           + enabled                  = (known after apply)
TestTerraformSchemaExample 2022-08-04T18:56:32Z logger.go:66:                           + ignoreTrustStoreConfig   = (known after apply)
TestTerraformSchemaExample 2022-08-04T18:56:32Z logger.go:66:                           + jksPassword              = {
TestTerraformSchemaExample 2022-08-04T18:56:32Z logger.go:66:                               + secretRef = (known after apply)
TestTerraformSchemaExample 2022-08-04T18:56:32Z logger.go:66:                             }
TestTerraformSchemaExample 2022-08-04T18:56:32Z logger.go:66:                           + secretRef                = (known after apply)
TestTerraformSchemaExample 2022-08-04T18:56:32Z logger.go:66:                         }
TestTerraformSchemaExample 2022-08-04T18:56:32Z logger.go:66:                     }
TestTerraformSchemaExample 2022-08-04T18:56:32Z logger.go:66:                 }
TestTerraformSchemaExample 2022-08-04T18:56:32Z logger.go:66:               + metricReporter     = {
TestTerraformSchemaExample 2022-08-04T18:56:32Z logger.go:66:                   + authentication    = {
TestTerraformSchemaExample 2022-08-04T18:56:32Z logger.go:66:                       + jaasConfig            = {
TestTerraformSchemaExample 2022-08-04T18:56:32Z logger.go:66:                           + secretRef = (known after apply)
TestTerraformSchemaExample 2022-08-04T18:56:32Z logger.go:66:                         }
TestTerraformSchemaExample 2022-08-04T18:56:32Z logger.go:66:                       + jaasConfigPassThrough = {
TestTerraformSchemaExample 2022-08-04T18:56:32Z logger.go:66:                           + directoryPathInContainer = (known after apply)
TestTerraformSchemaExample 2022-08-04T18:56:32Z logger.go:66:                           + secretRef                = (known after apply)
TestTerraformSchemaExample 2022-08-04T18:56:32Z logger.go:66:                         }
TestTerraformSchemaExample 2022-08-04T18:56:32Z logger.go:66:                       + oauthbearer           = {
TestTerraformSchemaExample 2022-08-04T18:56:32Z logger.go:66:                           + directoryPathInContainer = (known after apply)
TestTerraformSchemaExample 2022-08-04T18:56:32Z logger.go:66:                           + secretRef                = (known after apply)
TestTerraformSchemaExample 2022-08-04T18:56:32Z logger.go:66:                         }
TestTerraformSchemaExample 2022-08-04T18:56:32Z logger.go:66:                       + type                  = (known after apply)
TestTerraformSchemaExample 2022-08-04T18:56:32Z logger.go:66:                     }
TestTerraformSchemaExample 2022-08-04T18:56:32Z logger.go:66:                   + bootstrapEndpoint = (known after apply)
TestTerraformSchemaExample 2022-08-04T18:56:32Z logger.go:66:                   + enabled           = true
TestTerraformSchemaExample 2022-08-04T18:56:32Z logger.go:66:                   + replicationFactor = (known after apply)
TestTerraformSchemaExample 2022-08-04T18:56:32Z logger.go:66:                   + tls               = {
TestTerraformSchemaExample 2022-08-04T18:56:32Z logger.go:66:                       + directoryPathInContainer = (known after apply)
TestTerraformSchemaExample 2022-08-04T18:56:32Z logger.go:66:                       + enabled                  = (known after apply)
TestTerraformSchemaExample 2022-08-04T18:56:32Z logger.go:66:                       + ignoreTrustStoreConfig   = (known after apply)
TestTerraformSchemaExample 2022-08-04T18:56:32Z logger.go:66:                       + jksPassword              = {
TestTerraformSchemaExample 2022-08-04T18:56:32Z logger.go:66:                           + secretRef = (known after apply)
TestTerraformSchemaExample 2022-08-04T18:56:32Z logger.go:66:                         }
TestTerraformSchemaExample 2022-08-04T18:56:32Z logger.go:66:                       + secretRef                = (known after apply)
TestTerraformSchemaExample 2022-08-04T18:56:32Z logger.go:66:                     }
TestTerraformSchemaExample 2022-08-04T18:56:32Z logger.go:66:                 }
TestTerraformSchemaExample 2022-08-04T18:56:32Z logger.go:66:               + metrics            = {
TestTerraformSchemaExample 2022-08-04T18:56:32Z logger.go:66:                   + authentication = {
TestTerraformSchemaExample 2022-08-04T18:56:32Z logger.go:66:                       + type = (known after apply)
TestTerraformSchemaExample 2022-08-04T18:56:32Z logger.go:66:                     }
TestTerraformSchemaExample 2022-08-04T18:56:32Z logger.go:66:                   + prometheus     = {
TestTerraformSchemaExample 2022-08-04T18:56:32Z logger.go:66:                       + blacklist = (known after apply)
TestTerraformSchemaExample 2022-08-04T18:56:32Z logger.go:66:                       + rules     = (known after apply)
TestTerraformSchemaExample 2022-08-04T18:56:32Z logger.go:66:                       + whitelist = (known after apply)
TestTerraformSchemaExample 2022-08-04T18:56:32Z logger.go:66:                     }
TestTerraformSchemaExample 2022-08-04T18:56:32Z logger.go:66:                   + tls            = {
TestTerraformSchemaExample 2022-08-04T18:56:32Z logger.go:66:                       + directoryPathInContainer = (known after apply)
TestTerraformSchemaExample 2022-08-04T18:56:32Z logger.go:66:                       + enabled                  = (known after apply)
TestTerraformSchemaExample 2022-08-04T18:56:32Z logger.go:66:                       + ignoreTrustStoreConfig   = (known after apply)
TestTerraformSchemaExample 2022-08-04T18:56:32Z logger.go:66:                       + jksPassword              = {
TestTerraformSchemaExample 2022-08-04T18:56:32Z logger.go:66:                           + secretRef = (known after apply)
TestTerraformSchemaExample 2022-08-04T18:56:32Z logger.go:66:                         }
TestTerraformSchemaExample 2022-08-04T18:56:32Z logger.go:66:                       + secretRef                = (known after apply)
TestTerraformSchemaExample 2022-08-04T18:56:32Z logger.go:66:                     }
TestTerraformSchemaExample 2022-08-04T18:56:32Z logger.go:66:                 }
TestTerraformSchemaExample 2022-08-04T18:56:32Z logger.go:66:               + mountedSecrets     = (known after apply)
TestTerraformSchemaExample 2022-08-04T18:56:32Z logger.go:66:               + mountedVolumes     = {
TestTerraformSchemaExample 2022-08-04T18:56:32Z logger.go:66:                   + volumeMounts = (known after apply)
TestTerraformSchemaExample 2022-08-04T18:56:32Z logger.go:66:                   + volumes      = (known after apply)
TestTerraformSchemaExample 2022-08-04T18:56:32Z logger.go:66:                 }
TestTerraformSchemaExample 2022-08-04T18:56:32Z logger.go:66:               + oneReplicaPerNode  = (known after apply)
TestTerraformSchemaExample 2022-08-04T18:56:32Z logger.go:66:               + passwordEncoder    = {
TestTerraformSchemaExample 2022-08-04T18:56:32Z logger.go:66:                   + directoryPathInContainer = (known after apply)
TestTerraformSchemaExample 2022-08-04T18:56:32Z logger.go:66:                   + secretRef                = (known after apply)
TestTerraformSchemaExample 2022-08-04T18:56:32Z logger.go:66:                 }
TestTerraformSchemaExample 2022-08-04T18:56:32Z logger.go:66:               + podTemplate        = {
TestTerraformSchemaExample 2022-08-04T18:56:32Z logger.go:66:                   + affinity                      = {
TestTerraformSchemaExample 2022-08-04T18:56:32Z logger.go:66:                       + nodeAffinity    = {
TestTerraformSchemaExample 2022-08-04T18:56:32Z logger.go:66:                           + preferredDuringSchedulingIgnoredDuringExecution = (known after apply)
TestTerraformSchemaExample 2022-08-04T18:56:32Z logger.go:66:                           + requiredDuringSchedulingIgnoredDuringExecution  = {
TestTerraformSchemaExample 2022-08-04T18:56:32Z logger.go:66:                               + nodeSelectorTerms = (known after apply)
TestTerraformSchemaExample 2022-08-04T18:56:32Z logger.go:66:                             }
TestTerraformSchemaExample 2022-08-04T18:56:32Z logger.go:66:                         }
TestTerraformSchemaExample 2022-08-04T18:56:32Z logger.go:66:                       + podAffinity     = {
TestTerraformSchemaExample 2022-08-04T18:56:32Z logger.go:66:                           + preferredDuringSchedulingIgnoredDuringExecution = (known after apply)
TestTerraformSchemaExample 2022-08-04T18:56:32Z logger.go:66:                           + requiredDuringSchedulingIgnoredDuringExecution  = (known after apply)
TestTerraformSchemaExample 2022-08-04T18:56:32Z logger.go:66:                         }
TestTerraformSchemaExample 2022-08-04T18:56:32Z logger.go:66:                       + podAntiAffinity = {
TestTerraformSchemaExample 2022-08-04T18:56:32Z logger.go:66:                           + preferredDuringSchedulingIgnoredDuringExecution = (known after apply)
TestTerraformSchemaExample 2022-08-04T18:56:32Z logger.go:66:                           + requiredDuringSchedulingIgnoredDuringExecution  = (known after apply)
TestTerraformSchemaExample 2022-08-04T18:56:32Z logger.go:66:                         }
TestTerraformSchemaExample 2022-08-04T18:56:32Z logger.go:66:                     }
TestTerraformSchemaExample 2022-08-04T18:56:32Z logger.go:66:                   + annotations                   = (known after apply)
TestTerraformSchemaExample 2022-08-04T18:56:32Z logger.go:66:                   + envVars                       = (known after apply)
TestTerraformSchemaExample 2022-08-04T18:56:32Z logger.go:66:                   + labels                        = (known after apply)
TestTerraformSchemaExample 2022-08-04T18:56:32Z logger.go:66:                   + podSecurityContext            = {
TestTerraformSchemaExample 2022-08-04T18:56:32Z logger.go:66:                       + fsGroup             = (known after apply)
TestTerraformSchemaExample 2022-08-04T18:56:32Z logger.go:66:                       + fsGroupChangePolicy = (known after apply)
TestTerraformSchemaExample 2022-08-04T18:56:32Z logger.go:66:                       + runAsGroup          = (known after apply)
TestTerraformSchemaExample 2022-08-04T18:56:32Z logger.go:66:                       + runAsNonRoot        = (known after apply)
TestTerraformSchemaExample 2022-08-04T18:56:32Z logger.go:66:                       + runAsUser           = (known after apply)
TestTerraformSchemaExample 2022-08-04T18:56:32Z logger.go:66:                       + seLinuxOptions      = {
TestTerraformSchemaExample 2022-08-04T18:56:32Z logger.go:66:                           + level = (known after apply)
TestTerraformSchemaExample 2022-08-04T18:56:32Z logger.go:66:                           + role  = (known after apply)
TestTerraformSchemaExample 2022-08-04T18:56:32Z logger.go:66:                           + type  = (known after apply)
TestTerraformSchemaExample 2022-08-04T18:56:32Z logger.go:66:                           + user  = (known after apply)
TestTerraformSchemaExample 2022-08-04T18:56:32Z logger.go:66:                         }
TestTerraformSchemaExample 2022-08-04T18:56:32Z logger.go:66:                       + seccompProfile      = {
TestTerraformSchemaExample 2022-08-04T18:56:32Z logger.go:66:                           + localhostProfile = (known after apply)
TestTerraformSchemaExample 2022-08-04T18:56:32Z logger.go:66:                           + type             = (known after apply)
TestTerraformSchemaExample 2022-08-04T18:56:32Z logger.go:66:                         }
TestTerraformSchemaExample 2022-08-04T18:56:32Z logger.go:66:                       + supplementalGroups  = (known after apply)
TestTerraformSchemaExample 2022-08-04T18:56:32Z logger.go:66:                       + sysctls             = (known after apply)
TestTerraformSchemaExample 2022-08-04T18:56:32Z logger.go:66:                       + windowsOptions      = {
TestTerraformSchemaExample 2022-08-04T18:56:32Z logger.go:66:                           + gmsaCredentialSpec     = (known after apply)
TestTerraformSchemaExample 2022-08-04T18:56:32Z logger.go:66:                           + gmsaCredentialSpecName = (known after apply)
TestTerraformSchemaExample 2022-08-04T18:56:32Z logger.go:66:                           + hostProcess            = (known after apply)
TestTerraformSchemaExample 2022-08-04T18:56:32Z logger.go:66:                           + runAsUserName          = (known after apply)
TestTerraformSchemaExample 2022-08-04T18:56:32Z logger.go:66:                         }
TestTerraformSchemaExample 2022-08-04T18:56:32Z logger.go:66:                     }
TestTerraformSchemaExample 2022-08-04T18:56:32Z logger.go:66:                   + priorityClassName             = (known after apply)
TestTerraformSchemaExample 2022-08-04T18:56:32Z logger.go:66:                   + probe                         = {
TestTerraformSchemaExample 2022-08-04T18:56:32Z logger.go:66:                       + liveness  = {
TestTerraformSchemaExample 2022-08-04T18:56:32Z logger.go:66:                           + failureThreshold    = (known after apply)
TestTerraformSchemaExample 2022-08-04T18:56:32Z logger.go:66:                           + initialDelaySeconds = (known after apply)
TestTerraformSchemaExample 2022-08-04T18:56:32Z logger.go:66:                           + periodSeconds       = (known after apply)
TestTerraformSchemaExample 2022-08-04T18:56:32Z logger.go:66:                           + successThreshold    = (known after apply)
TestTerraformSchemaExample 2022-08-04T18:56:32Z logger.go:66:                           + timeoutSeconds      = (known after apply)
TestTerraformSchemaExample 2022-08-04T18:56:32Z logger.go:66:                         }
TestTerraformSchemaExample 2022-08-04T18:56:32Z logger.go:66:                       + readiness = {
TestTerraformSchemaExample 2022-08-04T18:56:32Z logger.go:66:                           + failureThreshold    = (known after apply)
TestTerraformSchemaExample 2022-08-04T18:56:32Z logger.go:66:                           + initialDelaySeconds = (known after apply)
TestTerraformSchemaExample 2022-08-04T18:56:32Z logger.go:66:                           + periodSeconds       = (known after apply)
TestTerraformSchemaExample 2022-08-04T18:56:32Z logger.go:66:                           + successThreshold    = (known after apply)
TestTerraformSchemaExample 2022-08-04T18:56:32Z logger.go:66:                           + timeoutSeconds      = (known after apply)
TestTerraformSchemaExample 2022-08-04T18:56:32Z logger.go:66:                         }
TestTerraformSchemaExample 2022-08-04T18:56:32Z logger.go:66:                     }
TestTerraformSchemaExample 2022-08-04T18:56:32Z logger.go:66:                   + resources                     = {
TestTerraformSchemaExample 2022-08-04T18:56:32Z logger.go:66:                       + limits   = (known after apply)
TestTerraformSchemaExample 2022-08-04T18:56:32Z logger.go:66:                       + requests = (known after apply)
TestTerraformSchemaExample 2022-08-04T18:56:32Z logger.go:66:                     }
TestTerraformSchemaExample 2022-08-04T18:56:32Z logger.go:66:                   + securityContext               = {
TestTerraformSchemaExample 2022-08-04T18:56:32Z logger.go:66:                       + allowPrivilegeEscalation = (known after apply)
TestTerraformSchemaExample 2022-08-04T18:56:32Z logger.go:66:                       + capabilities             = {
TestTerraformSchemaExample 2022-08-04T18:56:32Z logger.go:66:                           + add  = (known after apply)
TestTerraformSchemaExample 2022-08-04T18:56:32Z logger.go:66:                           + drop = (known after apply)
TestTerraformSchemaExample 2022-08-04T18:56:32Z logger.go:66:                         }
TestTerraformSchemaExample 2022-08-04T18:56:32Z logger.go:66:                       + privileged               = (known after apply)
TestTerraformSchemaExample 2022-08-04T18:56:32Z logger.go:66:                       + procMount                = (known after apply)
TestTerraformSchemaExample 2022-08-04T18:56:32Z logger.go:66:                       + readOnlyRootFilesystem   = (known after apply)
TestTerraformSchemaExample 2022-08-04T18:56:32Z logger.go:66:                       + runAsGroup               = (known after apply)
TestTerraformSchemaExample 2022-08-04T18:56:32Z logger.go:66:                       + runAsNonRoot             = (known after apply)
TestTerraformSchemaExample 2022-08-04T18:56:32Z logger.go:66:                       + runAsUser                = (known after apply)
TestTerraformSchemaExample 2022-08-04T18:56:32Z logger.go:66:                       + seLinuxOptions           = {
TestTerraformSchemaExample 2022-08-04T18:56:32Z logger.go:66:                           + level = (known after apply)
TestTerraformSchemaExample 2022-08-04T18:56:32Z logger.go:66:                           + role  = (known after apply)
TestTerraformSchemaExample 2022-08-04T18:56:32Z logger.go:66:                           + type  = (known after apply)
TestTerraformSchemaExample 2022-08-04T18:56:32Z logger.go:66:                           + user  = (known after apply)
TestTerraformSchemaExample 2022-08-04T18:56:32Z logger.go:66:                         }
TestTerraformSchemaExample 2022-08-04T18:56:32Z logger.go:66:                       + seccompProfile           = {
TestTerraformSchemaExample 2022-08-04T18:56:32Z logger.go:66:                           + localhostProfile = (known after apply)
TestTerraformSchemaExample 2022-08-04T18:56:32Z logger.go:66:                           + type             = (known after apply)
TestTerraformSchemaExample 2022-08-04T18:56:32Z logger.go:66:                         }
TestTerraformSchemaExample 2022-08-04T18:56:32Z logger.go:66:                       + windowsOptions           = {
TestTerraformSchemaExample 2022-08-04T18:56:32Z logger.go:66:                           + gmsaCredentialSpec     = (known after apply)
TestTerraformSchemaExample 2022-08-04T18:56:32Z logger.go:66:                           + gmsaCredentialSpecName = (known after apply)
TestTerraformSchemaExample 2022-08-04T18:56:32Z logger.go:66:                           + hostProcess            = (known after apply)
TestTerraformSchemaExample 2022-08-04T18:56:32Z logger.go:66:                           + runAsUserName          = (known after apply)
TestTerraformSchemaExample 2022-08-04T18:56:32Z logger.go:66:                         }
TestTerraformSchemaExample 2022-08-04T18:56:32Z logger.go:66:                     }
TestTerraformSchemaExample 2022-08-04T18:56:32Z logger.go:66:                   + serviceAccountName            = (known after apply)
TestTerraformSchemaExample 2022-08-04T18:56:32Z logger.go:66:                   + terminationGracePeriodSeconds = (known after apply)
TestTerraformSchemaExample 2022-08-04T18:56:32Z logger.go:66:                   + tolerations                   = (known after apply)
TestTerraformSchemaExample 2022-08-04T18:56:32Z logger.go:66:                   + topologySpreadConstraints     = (known after apply)
TestTerraformSchemaExample 2022-08-04T18:56:32Z logger.go:66:                 }
TestTerraformSchemaExample 2022-08-04T18:56:32Z logger.go:66:               + rackAssignment     = {
TestTerraformSchemaExample 2022-08-04T18:56:32Z logger.go:66:                   + availabilityZoneCount = (known after apply)
TestTerraformSchemaExample 2022-08-04T18:56:32Z logger.go:66:                   + nodeLabels            = (known after apply)
TestTerraformSchemaExample 2022-08-04T18:56:32Z logger.go:66:                 }
TestTerraformSchemaExample 2022-08-04T18:56:32Z logger.go:66:               + replicas           = 3
TestTerraformSchemaExample 2022-08-04T18:56:32Z logger.go:66:               + services           = {
TestTerraformSchemaExample 2022-08-04T18:56:32Z logger.go:66:                   + kafkaRest = {
TestTerraformSchemaExample 2022-08-04T18:56:32Z logger.go:66:                       + authentication = {
TestTerraformSchemaExample 2022-08-04T18:56:32Z logger.go:66:                           + basic = {
TestTerraformSchemaExample 2022-08-04T18:56:32Z logger.go:66:                               + debug                    = (known after apply)
TestTerraformSchemaExample 2022-08-04T18:56:32Z logger.go:66:                               + directoryPathInContainer = (known after apply)
TestTerraformSchemaExample 2022-08-04T18:56:32Z logger.go:66:                               + restrictedRoles          = (known after apply)
TestTerraformSchemaExample 2022-08-04T18:56:32Z logger.go:66:                               + roles                    = (known after apply)
TestTerraformSchemaExample 2022-08-04T18:56:32Z logger.go:66:                               + secretRef                = (known after apply)
TestTerraformSchemaExample 2022-08-04T18:56:32Z logger.go:66:                             }
TestTerraformSchemaExample 2022-08-04T18:56:32Z logger.go:66:                           + type  = (known after apply)
TestTerraformSchemaExample 2022-08-04T18:56:32Z logger.go:66:                         }
TestTerraformSchemaExample 2022-08-04T18:56:32Z logger.go:66:                       + externalAccess = {
TestTerraformSchemaExample 2022-08-04T18:56:32Z logger.go:66:                           + loadBalancer = {
TestTerraformSchemaExample 2022-08-04T18:56:32Z logger.go:66:                               + advertisedURL            = {
TestTerraformSchemaExample 2022-08-04T18:56:32Z logger.go:66:                                   + enabled = (known after apply)
TestTerraformSchemaExample 2022-08-04T18:56:32Z logger.go:66:                                   + prefix  = (known after apply)
TestTerraformSchemaExample 2022-08-04T18:56:32Z logger.go:66:                                 }
TestTerraformSchemaExample 2022-08-04T18:56:32Z logger.go:66:                               + annotations              = (known after apply)
TestTerraformSchemaExample 2022-08-04T18:56:32Z logger.go:66:                               + domain                   = (known after apply)
TestTerraformSchemaExample 2022-08-04T18:56:32Z logger.go:66:                               + externalTrafficPolicy    = (known after apply)
TestTerraformSchemaExample 2022-08-04T18:56:32Z logger.go:66:                               + labels                   = (known after apply)
TestTerraformSchemaExample 2022-08-04T18:56:32Z logger.go:66:                               + loadBalancerSourceRanges = (known after apply)
TestTerraformSchemaExample 2022-08-04T18:56:32Z logger.go:66:                               + port                     = (known after apply)
TestTerraformSchemaExample 2022-08-04T18:56:32Z logger.go:66:                               + prefix                   = (known after apply)
TestTerraformSchemaExample 2022-08-04T18:56:32Z logger.go:66:                               + servicePorts             = (known after apply)
TestTerraformSchemaExample 2022-08-04T18:56:32Z logger.go:66:                               + sessionAffinity          = (known after apply)
TestTerraformSchemaExample 2022-08-04T18:56:32Z logger.go:66:                               + sessionAffinityConfig    = {
TestTerraformSchemaExample 2022-08-04T18:56:32Z logger.go:66:                                   + clientIP = {
TestTerraformSchemaExample 2022-08-04T18:56:32Z logger.go:66:                                       + timeoutSeconds = (known after apply)
TestTerraformSchemaExample 2022-08-04T18:56:32Z logger.go:66:                                     }
TestTerraformSchemaExample 2022-08-04T18:56:32Z logger.go:66:                                 }
TestTerraformSchemaExample 2022-08-04T18:56:32Z logger.go:66:                             }
TestTerraformSchemaExample 2022-08-04T18:56:32Z logger.go:66:                           + nodePort     = {
TestTerraformSchemaExample 2022-08-04T18:56:32Z logger.go:66:                               + advertisedURL         = {
TestTerraformSchemaExample 2022-08-04T18:56:32Z logger.go:66:                                   + enabled = (known after apply)
TestTerraformSchemaExample 2022-08-04T18:56:32Z logger.go:66:                                   + prefix  = (known after apply)
TestTerraformSchemaExample 2022-08-04T18:56:32Z logger.go:66:                                 }
TestTerraformSchemaExample 2022-08-04T18:56:32Z logger.go:66:                               + annotations           = (known after apply)
TestTerraformSchemaExample 2022-08-04T18:56:32Z logger.go:66:                               + externalTrafficPolicy = (known after apply)
TestTerraformSchemaExample 2022-08-04T18:56:32Z logger.go:66:                               + host                  = (known after apply)
TestTerraformSchemaExample 2022-08-04T18:56:32Z logger.go:66:                               + labels                = (known after apply)
TestTerraformSchemaExample 2022-08-04T18:56:32Z logger.go:66:                               + nodePortOffset        = (known after apply)
TestTerraformSchemaExample 2022-08-04T18:56:32Z logger.go:66:                               + servicePorts          = (known after apply)
TestTerraformSchemaExample 2022-08-04T18:56:32Z logger.go:66:                               + sessionAffinity       = (known after apply)
TestTerraformSchemaExample 2022-08-04T18:56:32Z logger.go:66:                               + sessionAffinityConfig = {
TestTerraformSchemaExample 2022-08-04T18:56:32Z logger.go:66:                                   + clientIP = {
TestTerraformSchemaExample 2022-08-04T18:56:32Z logger.go:66:                                       + timeoutSeconds = (known after apply)
TestTerraformSchemaExample 2022-08-04T18:56:32Z logger.go:66:                                     }
TestTerraformSchemaExample 2022-08-04T18:56:32Z logger.go:66:                                 }
TestTerraformSchemaExample 2022-08-04T18:56:32Z logger.go:66:                             }
TestTerraformSchemaExample 2022-08-04T18:56:32Z logger.go:66:                           + route        = {
TestTerraformSchemaExample 2022-08-04T18:56:32Z logger.go:66:                               + annotations    = (known after apply)
TestTerraformSchemaExample 2022-08-04T18:56:32Z logger.go:66:                               + domain         = (known after apply)
TestTerraformSchemaExample 2022-08-04T18:56:32Z logger.go:66:                               + labels         = (known after apply)
TestTerraformSchemaExample 2022-08-04T18:56:32Z logger.go:66:                               + prefix         = (known after apply)
TestTerraformSchemaExample 2022-08-04T18:56:32Z logger.go:66:                               + wildcardPolicy = (known after apply)
TestTerraformSchemaExample 2022-08-04T18:56:32Z logger.go:66:                             }
TestTerraformSchemaExample 2022-08-04T18:56:32Z logger.go:66:                           + type         = (known after apply)
TestTerraformSchemaExample 2022-08-04T18:56:32Z logger.go:66:                         }
TestTerraformSchemaExample 2022-08-04T18:56:32Z logger.go:66:                       + tls            = {
TestTerraformSchemaExample 2022-08-04T18:56:32Z logger.go:66:                           + directoryPathInContainer = (known after apply)
TestTerraformSchemaExample 2022-08-04T18:56:32Z logger.go:66:                           + enabled                  = (known after apply)
TestTerraformSchemaExample 2022-08-04T18:56:32Z logger.go:66:                           + ignoreTrustStoreConfig   = (known after apply)
TestTerraformSchemaExample 2022-08-04T18:56:32Z logger.go:66:                           + jksPassword              = {
TestTerraformSchemaExample 2022-08-04T18:56:32Z logger.go:66:                               + secretRef = (known after apply)
TestTerraformSchemaExample 2022-08-04T18:56:32Z logger.go:66:                             }
TestTerraformSchemaExample 2022-08-04T18:56:32Z logger.go:66:                           + secretRef                = (known after apply)
TestTerraformSchemaExample 2022-08-04T18:56:32Z logger.go:66:                         }
TestTerraformSchemaExample 2022-08-04T18:56:32Z logger.go:66:                     }
TestTerraformSchemaExample 2022-08-04T18:56:32Z logger.go:66:                   + mds       = {
TestTerraformSchemaExample 2022-08-04T18:56:32Z logger.go:66:                       + authentication = {
TestTerraformSchemaExample 2022-08-04T18:56:32Z logger.go:66:                           + type = (known after apply)
TestTerraformSchemaExample 2022-08-04T18:56:32Z logger.go:66:                         }
TestTerraformSchemaExample 2022-08-04T18:56:32Z logger.go:66:                       + externalAccess = {
TestTerraformSchemaExample 2022-08-04T18:56:32Z logger.go:66:                           + loadBalancer = {
TestTerraformSchemaExample 2022-08-04T18:56:32Z logger.go:66:                               + advertisedURL            = {
TestTerraformSchemaExample 2022-08-04T18:56:32Z logger.go:66:                                   + enabled = (known after apply)
TestTerraformSchemaExample 2022-08-04T18:56:32Z logger.go:66:                                   + prefix  = (known after apply)
TestTerraformSchemaExample 2022-08-04T18:56:32Z logger.go:66:                                 }
TestTerraformSchemaExample 2022-08-04T18:56:32Z logger.go:66:                               + annotations              = (known after apply)
TestTerraformSchemaExample 2022-08-04T18:56:32Z logger.go:66:                               + domain                   = (known after apply)
TestTerraformSchemaExample 2022-08-04T18:56:32Z logger.go:66:                               + externalTrafficPolicy    = (known after apply)
TestTerraformSchemaExample 2022-08-04T18:56:32Z logger.go:66:                               + labels                   = (known after apply)
TestTerraformSchemaExample 2022-08-04T18:56:32Z logger.go:66:                               + loadBalancerSourceRanges = (known after apply)
TestTerraformSchemaExample 2022-08-04T18:56:32Z logger.go:66:                               + port                     = (known after apply)
TestTerraformSchemaExample 2022-08-04T18:56:32Z logger.go:66:                               + prefix                   = (known after apply)
TestTerraformSchemaExample 2022-08-04T18:56:32Z logger.go:66:                               + servicePorts             = (known after apply)
TestTerraformSchemaExample 2022-08-04T18:56:32Z logger.go:66:                               + sessionAffinity          = (known after apply)
TestTerraformSchemaExample 2022-08-04T18:56:32Z logger.go:66:                               + sessionAffinityConfig    = {
TestTerraformSchemaExample 2022-08-04T18:56:32Z logger.go:66:                                   + clientIP = {
TestTerraformSchemaExample 2022-08-04T18:56:32Z logger.go:66:                                       + timeoutSeconds = (known after apply)
TestTerraformSchemaExample 2022-08-04T18:56:32Z logger.go:66:                                     }
TestTerraformSchemaExample 2022-08-04T18:56:32Z logger.go:66:                                 }
TestTerraformSchemaExample 2022-08-04T18:56:32Z logger.go:66:                             }
TestTerraformSchemaExample 2022-08-04T18:56:32Z logger.go:66:                           + nodePort     = {
TestTerraformSchemaExample 2022-08-04T18:56:32Z logger.go:66:                               + advertisedURL         = {
TestTerraformSchemaExample 2022-08-04T18:56:32Z logger.go:66:                                   + enabled = (known after apply)
TestTerraformSchemaExample 2022-08-04T18:56:32Z logger.go:66:                                   + prefix  = (known after apply)
TestTerraformSchemaExample 2022-08-04T18:56:32Z logger.go:66:                                 }
TestTerraformSchemaExample 2022-08-04T18:56:32Z logger.go:66:                               + annotations           = (known after apply)
TestTerraformSchemaExample 2022-08-04T18:56:32Z logger.go:66:                               + externalTrafficPolicy = (known after apply)
TestTerraformSchemaExample 2022-08-04T18:56:32Z logger.go:66:                               + host                  = (known after apply)
TestTerraformSchemaExample 2022-08-04T18:56:32Z logger.go:66:                               + labels                = (known after apply)
TestTerraformSchemaExample 2022-08-04T18:56:32Z logger.go:66:                               + nodePortOffset        = (known after apply)
TestTerraformSchemaExample 2022-08-04T18:56:32Z logger.go:66:                               + servicePorts          = (known after apply)
TestTerraformSchemaExample 2022-08-04T18:56:32Z logger.go:66:                               + sessionAffinity       = (known after apply)
TestTerraformSchemaExample 2022-08-04T18:56:32Z logger.go:66:                               + sessionAffinityConfig = {
TestTerraformSchemaExample 2022-08-04T18:56:32Z logger.go:66:                                   + clientIP = {
TestTerraformSchemaExample 2022-08-04T18:56:32Z logger.go:66:                                       + timeoutSeconds = (known after apply)
TestTerraformSchemaExample 2022-08-04T18:56:32Z logger.go:66:                                     }
TestTerraformSchemaExample 2022-08-04T18:56:32Z logger.go:66:                                 }
TestTerraformSchemaExample 2022-08-04T18:56:32Z logger.go:66:                             }
TestTerraformSchemaExample 2022-08-04T18:56:32Z logger.go:66:                           + route        = {
TestTerraformSchemaExample 2022-08-04T18:56:32Z logger.go:66:                               + annotations    = (known after apply)
TestTerraformSchemaExample 2022-08-04T18:56:32Z logger.go:66:                               + domain         = (known after apply)
TestTerraformSchemaExample 2022-08-04T18:56:32Z logger.go:66:                               + labels         = (known after apply)
TestTerraformSchemaExample 2022-08-04T18:56:32Z logger.go:66:                               + prefix         = (known after apply)
TestTerraformSchemaExample 2022-08-04T18:56:32Z logger.go:66:                               + wildcardPolicy = (known after apply)
TestTerraformSchemaExample 2022-08-04T18:56:32Z logger.go:66:                             }
TestTerraformSchemaExample 2022-08-04T18:56:32Z logger.go:66:                           + type         = (known after apply)
TestTerraformSchemaExample 2022-08-04T18:56:32Z logger.go:66:                         }
TestTerraformSchemaExample 2022-08-04T18:56:32Z logger.go:66:                       + provider       = {
TestTerraformSchemaExample 2022-08-04T18:56:32Z logger.go:66:                           + ldap = {
TestTerraformSchemaExample 2022-08-04T18:56:32Z logger.go:66:                               + address        = (known after apply)
TestTerraformSchemaExample 2022-08-04T18:56:32Z logger.go:66:                               + authentication = {
TestTerraformSchemaExample 2022-08-04T18:56:32Z logger.go:66:                                   + simple = {
TestTerraformSchemaExample 2022-08-04T18:56:32Z logger.go:66:                                       + directoryPathInContainer = (known after apply)
TestTerraformSchemaExample 2022-08-04T18:56:32Z logger.go:66:                                       + secretRef                = (known after apply)
TestTerraformSchemaExample 2022-08-04T18:56:32Z logger.go:66:                                     }
TestTerraformSchemaExample 2022-08-04T18:56:32Z logger.go:66:                                   + type   = (known after apply)
TestTerraformSchemaExample 2022-08-04T18:56:32Z logger.go:66:                                 }
TestTerraformSchemaExample 2022-08-04T18:56:32Z logger.go:66:                               + configurations = {
TestTerraformSchemaExample 2022-08-04T18:56:32Z logger.go:66:                                   + groupMemberAttribute         = (known after apply)
TestTerraformSchemaExample 2022-08-04T18:56:32Z logger.go:66:                                   + groupMemberAttributePattern  = (known after apply)
TestTerraformSchemaExample 2022-08-04T18:56:32Z logger.go:66:                                   + groupNameAttribute           = (known after apply)
TestTerraformSchemaExample 2022-08-04T18:56:32Z logger.go:66:                                   + groupObjectClass             = (known after apply)
TestTerraformSchemaExample 2022-08-04T18:56:32Z logger.go:66:                                   + groupSearchBase              = (known after apply)
TestTerraformSchemaExample 2022-08-04T18:56:32Z logger.go:66:                                   + groupSearchFilter            = (known after apply)
TestTerraformSchemaExample 2022-08-04T18:56:32Z logger.go:66:                                   + groupSearchScope             = (known after apply)
TestTerraformSchemaExample 2022-08-04T18:56:32Z logger.go:66:                                   + userMemberOfAttributePattern = (known after apply)
TestTerraformSchemaExample 2022-08-04T18:56:32Z logger.go:66:                                   + userNameAttribute            = (known after apply)
TestTerraformSchemaExample 2022-08-04T18:56:32Z logger.go:66:                                   + userObjectClass              = (known after apply)
TestTerraformSchemaExample 2022-08-04T18:56:32Z logger.go:66:                                   + userSearchBase               = (known after apply)
TestTerraformSchemaExample 2022-08-04T18:56:32Z logger.go:66:                                   + userSearchFilter             = (known after apply)
TestTerraformSchemaExample 2022-08-04T18:56:32Z logger.go:66:                                   + userSearchScope              = (known after apply)
TestTerraformSchemaExample 2022-08-04T18:56:32Z logger.go:66:                                 }
TestTerraformSchemaExample 2022-08-04T18:56:32Z logger.go:66:                               + tls            = {
TestTerraformSchemaExample 2022-08-04T18:56:32Z logger.go:66:                                   + directoryPathInContainer = (known after apply)
TestTerraformSchemaExample 2022-08-04T18:56:32Z logger.go:66:                                   + enabled                  = (known after apply)
TestTerraformSchemaExample 2022-08-04T18:56:32Z logger.go:66:                                   + ignoreTrustStoreConfig   = (known after apply)
TestTerraformSchemaExample 2022-08-04T18:56:32Z logger.go:66:                                   + jksPassword              = {
TestTerraformSchemaExample 2022-08-04T18:56:32Z logger.go:66:                                       + secretRef = (known after apply)
TestTerraformSchemaExample 2022-08-04T18:56:32Z logger.go:66:                                     }
TestTerraformSchemaExample 2022-08-04T18:56:32Z logger.go:66:                                   + secretRef                = (known after apply)
TestTerraformSchemaExample 2022-08-04T18:56:32Z logger.go:66:                                 }
TestTerraformSchemaExample 2022-08-04T18:56:32Z logger.go:66:                             }
TestTerraformSchemaExample 2022-08-04T18:56:32Z logger.go:66:                           + type = (known after apply)
TestTerraformSchemaExample 2022-08-04T18:56:32Z logger.go:66:                         }
TestTerraformSchemaExample 2022-08-04T18:56:32Z logger.go:66:                       + tls            = {
TestTerraformSchemaExample 2022-08-04T18:56:32Z logger.go:66:                           + directoryPathInContainer = (known after apply)
TestTerraformSchemaExample 2022-08-04T18:56:32Z logger.go:66:                           + enabled                  = (known after apply)
TestTerraformSchemaExample 2022-08-04T18:56:32Z logger.go:66:                           + ignoreTrustStoreConfig   = (known after apply)
TestTerraformSchemaExample 2022-08-04T18:56:32Z logger.go:66:                           + jksPassword              = {
TestTerraformSchemaExample 2022-08-04T18:56:32Z logger.go:66:                               + secretRef = (known after apply)
TestTerraformSchemaExample 2022-08-04T18:56:32Z logger.go:66:                             }
TestTerraformSchemaExample 2022-08-04T18:56:32Z logger.go:66:                           + secretRef                = (known after apply)
TestTerraformSchemaExample 2022-08-04T18:56:32Z logger.go:66:                         }
TestTerraformSchemaExample 2022-08-04T18:56:32Z logger.go:66:                       + tokenKeyPair   = {
TestTerraformSchemaExample 2022-08-04T18:56:32Z logger.go:66:                           + directoryPathInContainer = (known after apply)
TestTerraformSchemaExample 2022-08-04T18:56:32Z logger.go:66:                           + secretRef                = (known after apply)
TestTerraformSchemaExample 2022-08-04T18:56:32Z logger.go:66:                         }
TestTerraformSchemaExample 2022-08-04T18:56:32Z logger.go:66:                     }
TestTerraformSchemaExample 2022-08-04T18:56:32Z logger.go:66:                 }
TestTerraformSchemaExample 2022-08-04T18:56:32Z logger.go:66:               + storageClass       = {
TestTerraformSchemaExample 2022-08-04T18:56:32Z logger.go:66:                   + name = (known after apply)
TestTerraformSchemaExample 2022-08-04T18:56:32Z logger.go:66:                 }
TestTerraformSchemaExample 2022-08-04T18:56:32Z logger.go:66:               + telemetry          = {
TestTerraformSchemaExample 2022-08-04T18:56:32Z logger.go:66:                   + global = (known after apply)
TestTerraformSchemaExample 2022-08-04T18:56:32Z logger.go:66:                 }
TestTerraformSchemaExample 2022-08-04T18:56:32Z logger.go:66:               + tls                = {
TestTerraformSchemaExample 2022-08-04T18:56:32Z logger.go:66:                   + autoGeneratedCerts       = (known after apply)
TestTerraformSchemaExample 2022-08-04T18:56:32Z logger.go:66:                   + directoryPathInContainer = (known after apply)
TestTerraformSchemaExample 2022-08-04T18:56:32Z logger.go:66:                   + ignoreTrustStoreConfig   = (known after apply)
TestTerraformSchemaExample 2022-08-04T18:56:32Z logger.go:66:                   + jksPassword              = {
TestTerraformSchemaExample 2022-08-04T18:56:32Z logger.go:66:                       + secretRef = (known after apply)
TestTerraformSchemaExample 2022-08-04T18:56:32Z logger.go:66:                     }
TestTerraformSchemaExample 2022-08-04T18:56:32Z logger.go:66:                   + secretRef                = (known after apply)
TestTerraformSchemaExample 2022-08-04T18:56:32Z logger.go:66:                 }
TestTerraformSchemaExample 2022-08-04T18:56:32Z logger.go:66:             }
TestTerraformSchemaExample 2022-08-04T18:56:32Z logger.go:66:         }
TestTerraformSchemaExample 2022-08-04T18:56:32Z logger.go:66:
TestTerraformSchemaExample 2022-08-04T18:56:32Z logger.go:66:       + timeouts {
TestTerraformSchemaExample 2022-08-04T18:56:32Z logger.go:66:           + create = "1h"
TestTerraformSchemaExample 2022-08-04T18:56:32Z logger.go:66:           + delete = "10m"
TestTerraformSchemaExample 2022-08-04T18:56:32Z logger.go:66:           + update = "1h"
TestTerraformSchemaExample 2022-08-04T18:56:32Z logger.go:66:         }
TestTerraformSchemaExample 2022-08-04T18:56:32Z logger.go:66:
TestTerraformSchemaExample 2022-08-04T18:56:32Z logger.go:66:       + wait {
TestTerraformSchemaExample 2022-08-04T18:56:32Z logger.go:66:           + fields = {
TestTerraformSchemaExample 2022-08-04T18:56:32Z logger.go:66:               + "status.phase" = "RUNNING"
TestTerraformSchemaExample 2022-08-04T18:56:32Z logger.go:66:             }
TestTerraformSchemaExample 2022-08-04T18:56:32Z logger.go:66:         }
TestTerraformSchemaExample 2022-08-04T18:56:32Z logger.go:66:     }
TestTerraformSchemaExample 2022-08-04T18:56:32Z logger.go:66:
TestTerraformSchemaExample 2022-08-04T18:56:32Z logger.go:66:   # module.confluent_platform.kubernetes_manifest.components["schemaregistry"] will be created
TestTerraformSchemaExample 2022-08-04T18:56:32Z logger.go:66:   + resource "kubernetes_manifest" "components" {
TestTerraformSchemaExample 2022-08-04T18:56:32Z logger.go:66:       + computed_fields = [
TestTerraformSchemaExample 2022-08-04T18:56:32Z logger.go:66:           + "metadata.finalizers",
TestTerraformSchemaExample 2022-08-04T18:56:32Z logger.go:66:         ]
TestTerraformSchemaExample 2022-08-04T18:56:32Z logger.go:66:       + manifest        = {
TestTerraformSchemaExample 2022-08-04T18:56:32Z logger.go:66:           + apiVersion = "platform.confluent.io/v1beta1"
TestTerraformSchemaExample 2022-08-04T18:56:32Z logger.go:66:           + kind       = "SchemaRegistry"
TestTerraformSchemaExample 2022-08-04T18:56:32Z logger.go:66:           + metadata   = {
TestTerraformSchemaExample 2022-08-04T18:56:32Z logger.go:66:               + name      = "schemaregistry"
TestTerraformSchemaExample 2022-08-04T18:56:32Z logger.go:66:               + namespace = "confluent"
TestTerraformSchemaExample 2022-08-04T18:56:32Z logger.go:66:             }
TestTerraformSchemaExample 2022-08-04T18:56:32Z logger.go:66:           + spec       = {
TestTerraformSchemaExample 2022-08-04T18:56:32Z logger.go:66:               + image    = {
TestTerraformSchemaExample 2022-08-04T18:56:32Z logger.go:66:                   + application = "confluentinc/cp-schema-registry:7.2.0"
TestTerraformSchemaExample 2022-08-04T18:56:32Z logger.go:66:                   + init        = "confluentinc/confluent-init-container:2.4.0"
TestTerraformSchemaExample 2022-08-04T18:56:32Z logger.go:66:                 }
TestTerraformSchemaExample 2022-08-04T18:56:32Z logger.go:66:               + replicas = 3
TestTerraformSchemaExample 2022-08-04T18:56:32Z logger.go:66:             }
TestTerraformSchemaExample 2022-08-04T18:56:32Z logger.go:66:         }
TestTerraformSchemaExample 2022-08-04T18:56:32Z logger.go:66:       + object          = {
TestTerraformSchemaExample 2022-08-04T18:56:32Z logger.go:66:           + apiVersion = "platform.confluent.io/v1beta1"
TestTerraformSchemaExample 2022-08-04T18:56:32Z logger.go:66:           + kind       = "SchemaRegistry"
TestTerraformSchemaExample 2022-08-04T18:56:32Z logger.go:66:           + metadata   = {
TestTerraformSchemaExample 2022-08-04T18:56:32Z logger.go:66:               + annotations                = (known after apply)
TestTerraformSchemaExample 2022-08-04T18:56:32Z logger.go:66:               + clusterName                = (known after apply)
TestTerraformSchemaExample 2022-08-04T18:56:32Z logger.go:66:               + creationTimestamp          = (known after apply)
TestTerraformSchemaExample 2022-08-04T18:56:32Z logger.go:66:               + deletionGracePeriodSeconds = (known after apply)
TestTerraformSchemaExample 2022-08-04T18:56:32Z logger.go:66:               + deletionTimestamp          = (known after apply)
TestTerraformSchemaExample 2022-08-04T18:56:32Z logger.go:66:               + finalizers                 = (known after apply)
TestTerraformSchemaExample 2022-08-04T18:56:32Z logger.go:66:               + generateName               = (known after apply)
TestTerraformSchemaExample 2022-08-04T18:56:32Z logger.go:66:               + generation                 = (known after apply)
TestTerraformSchemaExample 2022-08-04T18:56:32Z logger.go:66:               + labels                     = (known after apply)
TestTerraformSchemaExample 2022-08-04T18:56:32Z logger.go:66:               + managedFields              = (known after apply)
TestTerraformSchemaExample 2022-08-04T18:56:32Z logger.go:66:               + name                       = "schemaregistry"
TestTerraformSchemaExample 2022-08-04T18:56:32Z logger.go:66:               + namespace                  = "confluent"
TestTerraformSchemaExample 2022-08-04T18:56:32Z logger.go:66:               + ownerReferences            = (known after apply)
TestTerraformSchemaExample 2022-08-04T18:56:32Z logger.go:66:               + resourceVersion            = (known after apply)
TestTerraformSchemaExample 2022-08-04T18:56:32Z logger.go:66:               + selfLink                   = (known after apply)
TestTerraformSchemaExample 2022-08-04T18:56:32Z logger.go:66:               + uid                        = (known after apply)
TestTerraformSchemaExample 2022-08-04T18:56:32Z logger.go:66:             }
TestTerraformSchemaExample 2022-08-04T18:56:32Z logger.go:66:           + spec       = {
TestTerraformSchemaExample 2022-08-04T18:56:32Z logger.go:66:               + authentication                = {
TestTerraformSchemaExample 2022-08-04T18:56:32Z logger.go:66:                   + basic = {
TestTerraformSchemaExample 2022-08-04T18:56:32Z logger.go:66:                       + debug                    = (known after apply)
TestTerraformSchemaExample 2022-08-04T18:56:32Z logger.go:66:                       + directoryPathInContainer = (known after apply)
TestTerraformSchemaExample 2022-08-04T18:56:32Z logger.go:66:                       + restrictedRoles          = (known after apply)
TestTerraformSchemaExample 2022-08-04T18:56:32Z logger.go:66:                       + roles                    = (known after apply)
TestTerraformSchemaExample 2022-08-04T18:56:32Z logger.go:66:                       + secretRef                = (known after apply)
TestTerraformSchemaExample 2022-08-04T18:56:32Z logger.go:66:                     }
TestTerraformSchemaExample 2022-08-04T18:56:32Z logger.go:66:                   + type  = (known after apply)
TestTerraformSchemaExample 2022-08-04T18:56:32Z logger.go:66:                 }
TestTerraformSchemaExample 2022-08-04T18:56:32Z logger.go:66:               + authorization                 = {
TestTerraformSchemaExample 2022-08-04T18:56:32Z logger.go:66:                   + kafkaRestClassRef = {
TestTerraformSchemaExample 2022-08-04T18:56:32Z logger.go:66:                       + name      = (known after apply)
TestTerraformSchemaExample 2022-08-04T18:56:32Z logger.go:66:                       + namespace = (known after apply)
TestTerraformSchemaExample 2022-08-04T18:56:32Z logger.go:66:                     }
TestTerraformSchemaExample 2022-08-04T18:56:32Z logger.go:66:                   + type              = (known after apply)
TestTerraformSchemaExample 2022-08-04T18:56:32Z logger.go:66:                 }
TestTerraformSchemaExample 2022-08-04T18:56:32Z logger.go:66:               + configOverrides               = {
TestTerraformSchemaExample 2022-08-04T18:56:32Z logger.go:66:                   + jvm    = (known after apply)
TestTerraformSchemaExample 2022-08-04T18:56:32Z logger.go:66:                   + log4j  = (known after apply)
TestTerraformSchemaExample 2022-08-04T18:56:32Z logger.go:66:                   + server = (known after apply)
TestTerraformSchemaExample 2022-08-04T18:56:32Z logger.go:66:                 }
TestTerraformSchemaExample 2022-08-04T18:56:32Z logger.go:66:               + dependencies                  = {
TestTerraformSchemaExample 2022-08-04T18:56:32Z logger.go:66:                   + kafka = {
TestTerraformSchemaExample 2022-08-04T18:56:32Z logger.go:66:                       + authentication    = {
TestTerraformSchemaExample 2022-08-04T18:56:32Z logger.go:66:                           + jaasConfig            = {
TestTerraformSchemaExample 2022-08-04T18:56:32Z logger.go:66:                               + secretRef = (known after apply)
TestTerraformSchemaExample 2022-08-04T18:56:32Z logger.go:66:                             }
TestTerraformSchemaExample 2022-08-04T18:56:32Z logger.go:66:                           + jaasConfigPassThrough = {
TestTerraformSchemaExample 2022-08-04T18:56:32Z logger.go:66:                               + directoryPathInContainer = (known after apply)
TestTerraformSchemaExample 2022-08-04T18:56:32Z logger.go:66:                               + secretRef                = (known after apply)
TestTerraformSchemaExample 2022-08-04T18:56:32Z logger.go:66:                             }
TestTerraformSchemaExample 2022-08-04T18:56:32Z logger.go:66:                           + oauthbearer           = {
TestTerraformSchemaExample 2022-08-04T18:56:32Z logger.go:66:                               + directoryPathInContainer = (known after apply)
TestTerraformSchemaExample 2022-08-04T18:56:32Z logger.go:66:                               + secretRef                = (known after apply)
TestTerraformSchemaExample 2022-08-04T18:56:32Z logger.go:66:                             }
TestTerraformSchemaExample 2022-08-04T18:56:32Z logger.go:66:                           + type                  = (known after apply)
TestTerraformSchemaExample 2022-08-04T18:56:32Z logger.go:66:                         }
TestTerraformSchemaExample 2022-08-04T18:56:32Z logger.go:66:                       + bootstrapEndpoint = (known after apply)
TestTerraformSchemaExample 2022-08-04T18:56:32Z logger.go:66:                       + discovery         = {
TestTerraformSchemaExample 2022-08-04T18:56:32Z logger.go:66:                           + name      = (known after apply)
TestTerraformSchemaExample 2022-08-04T18:56:32Z logger.go:66:                           + namespace = (known after apply)
TestTerraformSchemaExample 2022-08-04T18:56:32Z logger.go:66:                           + secretRef = (known after apply)
TestTerraformSchemaExample 2022-08-04T18:56:32Z logger.go:66:                         }
TestTerraformSchemaExample 2022-08-04T18:56:32Z logger.go:66:                       + tls               = {
TestTerraformSchemaExample 2022-08-04T18:56:32Z logger.go:66:                           + directoryPathInContainer = (known after apply)
TestTerraformSchemaExample 2022-08-04T18:56:32Z logger.go:66:                           + enabled                  = (known after apply)
TestTerraformSchemaExample 2022-08-04T18:56:32Z logger.go:66:                           + ignoreTrustStoreConfig   = (known after apply)
TestTerraformSchemaExample 2022-08-04T18:56:32Z logger.go:66:                           + jksPassword              = {
TestTerraformSchemaExample 2022-08-04T18:56:32Z logger.go:66:                               + secretRef = (known after apply)
TestTerraformSchemaExample 2022-08-04T18:56:32Z logger.go:66:                             }
TestTerraformSchemaExample 2022-08-04T18:56:32Z logger.go:66:                           + secretRef                = (known after apply)
TestTerraformSchemaExample 2022-08-04T18:56:32Z logger.go:66:                         }
TestTerraformSchemaExample 2022-08-04T18:56:32Z logger.go:66:                     }
TestTerraformSchemaExample 2022-08-04T18:56:32Z logger.go:66:                   + mds   = {
TestTerraformSchemaExample 2022-08-04T18:56:32Z logger.go:66:                       + authentication = {
TestTerraformSchemaExample 2022-08-04T18:56:32Z logger.go:66:                           + bearer = {
TestTerraformSchemaExample 2022-08-04T18:56:32Z logger.go:66:                               + directoryPathInContainer = (known after apply)
TestTerraformSchemaExample 2022-08-04T18:56:32Z logger.go:66:                               + secretRef                = (known after apply)
TestTerraformSchemaExample 2022-08-04T18:56:32Z logger.go:66:                             }
TestTerraformSchemaExample 2022-08-04T18:56:32Z logger.go:66:                           + type   = (known after apply)
TestTerraformSchemaExample 2022-08-04T18:56:32Z logger.go:66:                         }
TestTerraformSchemaExample 2022-08-04T18:56:32Z logger.go:66:                       + endpoint       = (known after apply)
TestTerraformSchemaExample 2022-08-04T18:56:32Z logger.go:66:                       + tls            = {
TestTerraformSchemaExample 2022-08-04T18:56:32Z logger.go:66:                           + directoryPathInContainer = (known after apply)
TestTerraformSchemaExample 2022-08-04T18:56:32Z logger.go:66:                           + enabled                  = (known after apply)
TestTerraformSchemaExample 2022-08-04T18:56:32Z logger.go:66:                           + ignoreTrustStoreConfig   = (known after apply)
TestTerraformSchemaExample 2022-08-04T18:56:32Z logger.go:66:                           + jksPassword              = {
TestTerraformSchemaExample 2022-08-04T18:56:32Z logger.go:66:                               + secretRef = (known after apply)
TestTerraformSchemaExample 2022-08-04T18:56:32Z logger.go:66:                             }
TestTerraformSchemaExample 2022-08-04T18:56:32Z logger.go:66:                           + secretRef                = (known after apply)
TestTerraformSchemaExample 2022-08-04T18:56:32Z logger.go:66:                         }
TestTerraformSchemaExample 2022-08-04T18:56:32Z logger.go:66:                       + tokenKeyPair   = {
TestTerraformSchemaExample 2022-08-04T18:56:32Z logger.go:66:                           + directoryPathInContainer = (known after apply)
TestTerraformSchemaExample 2022-08-04T18:56:32Z logger.go:66:                           + secretRef                = (known after apply)
TestTerraformSchemaExample 2022-08-04T18:56:32Z logger.go:66:                         }
TestTerraformSchemaExample 2022-08-04T18:56:32Z logger.go:66:                     }
TestTerraformSchemaExample 2022-08-04T18:56:32Z logger.go:66:                 }
TestTerraformSchemaExample 2022-08-04T18:56:32Z logger.go:66:               + enableSchemaExporter          = (known after apply)
TestTerraformSchemaExample 2022-08-04T18:56:32Z logger.go:66:               + externalAccess                = {
TestTerraformSchemaExample 2022-08-04T18:56:32Z logger.go:66:                   + loadBalancer = {
TestTerraformSchemaExample 2022-08-04T18:56:32Z logger.go:66:                       + advertisedURL            = {
TestTerraformSchemaExample 2022-08-04T18:56:32Z logger.go:66:                           + enabled = (known after apply)
TestTerraformSchemaExample 2022-08-04T18:56:32Z logger.go:66:                           + prefix  = (known after apply)
TestTerraformSchemaExample 2022-08-04T18:56:32Z logger.go:66:                         }
TestTerraformSchemaExample 2022-08-04T18:56:32Z logger.go:66:                       + annotations              = (known after apply)
TestTerraformSchemaExample 2022-08-04T18:56:32Z logger.go:66:                       + domain                   = (known after apply)
TestTerraformSchemaExample 2022-08-04T18:56:32Z logger.go:66:                       + externalTrafficPolicy    = (known after apply)
TestTerraformSchemaExample 2022-08-04T18:56:32Z logger.go:66:                       + labels                   = (known after apply)
TestTerraformSchemaExample 2022-08-04T18:56:32Z logger.go:66:                       + loadBalancerSourceRanges = (known after apply)
TestTerraformSchemaExample 2022-08-04T18:56:32Z logger.go:66:                       + port                     = (known after apply)
TestTerraformSchemaExample 2022-08-04T18:56:32Z logger.go:66:                       + prefix                   = (known after apply)
TestTerraformSchemaExample 2022-08-04T18:56:32Z logger.go:66:                       + servicePorts             = (known after apply)
TestTerraformSchemaExample 2022-08-04T18:56:32Z logger.go:66:                       + sessionAffinity          = (known after apply)
TestTerraformSchemaExample 2022-08-04T18:56:32Z logger.go:66:                       + sessionAffinityConfig    = {
TestTerraformSchemaExample 2022-08-04T18:56:32Z logger.go:66:                           + clientIP = {
TestTerraformSchemaExample 2022-08-04T18:56:32Z logger.go:66:                               + timeoutSeconds = (known after apply)
TestTerraformSchemaExample 2022-08-04T18:56:32Z logger.go:66:                             }
TestTerraformSchemaExample 2022-08-04T18:56:32Z logger.go:66:                         }
TestTerraformSchemaExample 2022-08-04T18:56:32Z logger.go:66:                     }
TestTerraformSchemaExample 2022-08-04T18:56:32Z logger.go:66:                   + nodePort     = {
TestTerraformSchemaExample 2022-08-04T18:56:32Z logger.go:66:                       + advertisedURL         = {
TestTerraformSchemaExample 2022-08-04T18:56:32Z logger.go:66:                           + enabled = (known after apply)
TestTerraformSchemaExample 2022-08-04T18:56:32Z logger.go:66:                           + prefix  = (known after apply)
TestTerraformSchemaExample 2022-08-04T18:56:32Z logger.go:66:                         }
TestTerraformSchemaExample 2022-08-04T18:56:32Z logger.go:66:                       + annotations           = (known after apply)
TestTerraformSchemaExample 2022-08-04T18:56:32Z logger.go:66:                       + externalTrafficPolicy = (known after apply)
TestTerraformSchemaExample 2022-08-04T18:56:32Z logger.go:66:                       + host                  = (known after apply)
TestTerraformSchemaExample 2022-08-04T18:56:32Z logger.go:66:                       + labels                = (known after apply)
TestTerraformSchemaExample 2022-08-04T18:56:32Z logger.go:66:                       + nodePortOffset        = (known after apply)
TestTerraformSchemaExample 2022-08-04T18:56:32Z logger.go:66:                       + servicePorts          = (known after apply)
TestTerraformSchemaExample 2022-08-04T18:56:32Z logger.go:66:                       + sessionAffinity       = (known after apply)
TestTerraformSchemaExample 2022-08-04T18:56:32Z logger.go:66:                       + sessionAffinityConfig = {
TestTerraformSchemaExample 2022-08-04T18:56:32Z logger.go:66:                           + clientIP = {
TestTerraformSchemaExample 2022-08-04T18:56:32Z logger.go:66:                               + timeoutSeconds = (known after apply)
TestTerraformSchemaExample 2022-08-04T18:56:32Z logger.go:66:                             }
TestTerraformSchemaExample 2022-08-04T18:56:32Z logger.go:66:                         }
TestTerraformSchemaExample 2022-08-04T18:56:32Z logger.go:66:                     }
TestTerraformSchemaExample 2022-08-04T18:56:32Z logger.go:66:                   + route        = {
TestTerraformSchemaExample 2022-08-04T18:56:32Z logger.go:66:                       + annotations    = (known after apply)
TestTerraformSchemaExample 2022-08-04T18:56:32Z logger.go:66:                       + domain         = (known after apply)
TestTerraformSchemaExample 2022-08-04T18:56:32Z logger.go:66:                       + labels         = (known after apply)
TestTerraformSchemaExample 2022-08-04T18:56:32Z logger.go:66:                       + prefix         = (known after apply)
TestTerraformSchemaExample 2022-08-04T18:56:32Z logger.go:66:                       + wildcardPolicy = (known after apply)
TestTerraformSchemaExample 2022-08-04T18:56:32Z logger.go:66:                     }
TestTerraformSchemaExample 2022-08-04T18:56:32Z logger.go:66:                   + type         = (known after apply)
TestTerraformSchemaExample 2022-08-04T18:56:32Z logger.go:66:                 }
TestTerraformSchemaExample 2022-08-04T18:56:32Z logger.go:66:               + headlessService               = {
TestTerraformSchemaExample 2022-08-04T18:56:32Z logger.go:66:                   + annotations              = (known after apply)
TestTerraformSchemaExample 2022-08-04T18:56:32Z logger.go:66:                   + labels                   = (known after apply)
TestTerraformSchemaExample 2022-08-04T18:56:32Z logger.go:66:                   + publishNotReadyAddresses = (known after apply)
TestTerraformSchemaExample 2022-08-04T18:56:32Z logger.go:66:                 }
TestTerraformSchemaExample 2022-08-04T18:56:32Z logger.go:66:               + image                         = {
TestTerraformSchemaExample 2022-08-04T18:56:32Z logger.go:66:                   + application   = "confluentinc/cp-schema-registry:7.2.0"
TestTerraformSchemaExample 2022-08-04T18:56:32Z logger.go:66:                   + init          = "confluentinc/confluent-init-container:2.4.0"
TestTerraformSchemaExample 2022-08-04T18:56:32Z logger.go:66:                   + pullPolicy    = (known after apply)
TestTerraformSchemaExample 2022-08-04T18:56:32Z logger.go:66:                   + pullSecretRef = (known after apply)
TestTerraformSchemaExample 2022-08-04T18:56:32Z logger.go:66:                 }
TestTerraformSchemaExample 2022-08-04T18:56:32Z logger.go:66:               + injectAnnotations             = (known after apply)
TestTerraformSchemaExample 2022-08-04T18:56:32Z logger.go:66:               + injectLabels                  = (known after apply)
TestTerraformSchemaExample 2022-08-04T18:56:32Z logger.go:66:               + internalTopicReplicatorFactor = (known after apply)
TestTerraformSchemaExample 2022-08-04T18:56:32Z logger.go:66:               + k8sClusterDomain              = (known after apply)
TestTerraformSchemaExample 2022-08-04T18:56:32Z logger.go:66:               + license                       = {
TestTerraformSchemaExample 2022-08-04T18:56:32Z logger.go:66:                   + directoryPathInContainer = (known after apply)
TestTerraformSchemaExample 2022-08-04T18:56:32Z logger.go:66:                   + globalLicense            = (known after apply)
TestTerraformSchemaExample 2022-08-04T18:56:32Z logger.go:66:                   + secretRef                = (known after apply)
TestTerraformSchemaExample 2022-08-04T18:56:32Z logger.go:66:                 }
TestTerraformSchemaExample 2022-08-04T18:56:32Z logger.go:66:               + metrics                       = {
TestTerraformSchemaExample 2022-08-04T18:56:32Z logger.go:66:                   + authentication = {
TestTerraformSchemaExample 2022-08-04T18:56:32Z logger.go:66:                       + type = (known after apply)
TestTerraformSchemaExample 2022-08-04T18:56:32Z logger.go:66:                     }
TestTerraformSchemaExample 2022-08-04T18:56:32Z logger.go:66:                   + prometheus     = {
TestTerraformSchemaExample 2022-08-04T18:56:32Z logger.go:66:                       + blacklist = (known after apply)
TestTerraformSchemaExample 2022-08-04T18:56:32Z logger.go:66:                       + rules     = (known after apply)
TestTerraformSchemaExample 2022-08-04T18:56:32Z logger.go:66:                       + whitelist = (known after apply)
TestTerraformSchemaExample 2022-08-04T18:56:32Z logger.go:66:                     }
TestTerraformSchemaExample 2022-08-04T18:56:32Z logger.go:66:                   + tls            = {
TestTerraformSchemaExample 2022-08-04T18:56:32Z logger.go:66:                       + directoryPathInContainer = (known after apply)
TestTerraformSchemaExample 2022-08-04T18:56:32Z logger.go:66:                       + enabled                  = (known after apply)
TestTerraformSchemaExample 2022-08-04T18:56:32Z logger.go:66:                       + ignoreTrustStoreConfig   = (known after apply)
TestTerraformSchemaExample 2022-08-04T18:56:32Z logger.go:66:                       + jksPassword              = {
TestTerraformSchemaExample 2022-08-04T18:56:32Z logger.go:66:                           + secretRef = (known after apply)
TestTerraformSchemaExample 2022-08-04T18:56:32Z logger.go:66:                         }
TestTerraformSchemaExample 2022-08-04T18:56:32Z logger.go:66:                       + secretRef                = (known after apply)
TestTerraformSchemaExample 2022-08-04T18:56:32Z logger.go:66:                     }
TestTerraformSchemaExample 2022-08-04T18:56:32Z logger.go:66:                 }
TestTerraformSchemaExample 2022-08-04T18:56:32Z logger.go:66:               + mountedSecrets                = (known after apply)
TestTerraformSchemaExample 2022-08-04T18:56:32Z logger.go:66:               + mountedVolumes                = {
TestTerraformSchemaExample 2022-08-04T18:56:32Z logger.go:66:                   + volumeMounts = (known after apply)
TestTerraformSchemaExample 2022-08-04T18:56:32Z logger.go:66:                   + volumes      = (known after apply)
TestTerraformSchemaExample 2022-08-04T18:56:32Z logger.go:66:                 }
TestTerraformSchemaExample 2022-08-04T18:56:32Z logger.go:66:               + oneReplicaPerNode             = (known after apply)
TestTerraformSchemaExample 2022-08-04T18:56:32Z logger.go:66:               + passwordEncoder               = {
TestTerraformSchemaExample 2022-08-04T18:56:32Z logger.go:66:                   + directoryPathInContainer = (known after apply)
TestTerraformSchemaExample 2022-08-04T18:56:32Z logger.go:66:                   + secretRef                = (known after apply)
TestTerraformSchemaExample 2022-08-04T18:56:32Z logger.go:66:                 }
TestTerraformSchemaExample 2022-08-04T18:56:32Z logger.go:66:               + podTemplate                   = {
TestTerraformSchemaExample 2022-08-04T18:56:32Z logger.go:66:                   + affinity                      = {
TestTerraformSchemaExample 2022-08-04T18:56:32Z logger.go:66:                       + nodeAffinity    = {
TestTerraformSchemaExample 2022-08-04T18:56:32Z logger.go:66:                           + preferredDuringSchedulingIgnoredDuringExecution = (known after apply)
TestTerraformSchemaExample 2022-08-04T18:56:32Z logger.go:66:                           + requiredDuringSchedulingIgnoredDuringExecution  = {
TestTerraformSchemaExample 2022-08-04T18:56:32Z logger.go:66:                               + nodeSelectorTerms = (known after apply)
TestTerraformSchemaExample 2022-08-04T18:56:32Z logger.go:66:                             }
TestTerraformSchemaExample 2022-08-04T18:56:32Z logger.go:66:                         }
TestTerraformSchemaExample 2022-08-04T18:56:32Z logger.go:66:                       + podAffinity     = {
TestTerraformSchemaExample 2022-08-04T18:56:32Z logger.go:66:                           + preferredDuringSchedulingIgnoredDuringExecution = (known after apply)
TestTerraformSchemaExample 2022-08-04T18:56:32Z logger.go:66:                           + requiredDuringSchedulingIgnoredDuringExecution  = (known after apply)
TestTerraformSchemaExample 2022-08-04T18:56:32Z logger.go:66:                         }
TestTerraformSchemaExample 2022-08-04T18:56:32Z logger.go:66:                       + podAntiAffinity = {
TestTerraformSchemaExample 2022-08-04T18:56:32Z logger.go:66:                           + preferredDuringSchedulingIgnoredDuringExecution = (known after apply)
TestTerraformSchemaExample 2022-08-04T18:56:32Z logger.go:66:                           + requiredDuringSchedulingIgnoredDuringExecution  = (known after apply)
TestTerraformSchemaExample 2022-08-04T18:56:32Z logger.go:66:                         }
TestTerraformSchemaExample 2022-08-04T18:56:32Z logger.go:66:                     }
TestTerraformSchemaExample 2022-08-04T18:56:32Z logger.go:66:                   + annotations                   = (known after apply)
TestTerraformSchemaExample 2022-08-04T18:56:32Z logger.go:66:                   + envVars                       = (known after apply)
TestTerraformSchemaExample 2022-08-04T18:56:32Z logger.go:66:                   + labels                        = (known after apply)
TestTerraformSchemaExample 2022-08-04T18:56:32Z logger.go:66:                   + podSecurityContext            = {
TestTerraformSchemaExample 2022-08-04T18:56:32Z logger.go:66:                       + fsGroup             = (known after apply)
TestTerraformSchemaExample 2022-08-04T18:56:32Z logger.go:66:                       + fsGroupChangePolicy = (known after apply)
TestTerraformSchemaExample 2022-08-04T18:56:32Z logger.go:66:                       + runAsGroup          = (known after apply)
TestTerraformSchemaExample 2022-08-04T18:56:32Z logger.go:66:                       + runAsNonRoot        = (known after apply)
TestTerraformSchemaExample 2022-08-04T18:56:32Z logger.go:66:                       + runAsUser           = (known after apply)
TestTerraformSchemaExample 2022-08-04T18:56:32Z logger.go:66:                       + seLinuxOptions      = {
TestTerraformSchemaExample 2022-08-04T18:56:32Z logger.go:66:                           + level = (known after apply)
TestTerraformSchemaExample 2022-08-04T18:56:32Z logger.go:66:                           + role  = (known after apply)
TestTerraformSchemaExample 2022-08-04T18:56:32Z logger.go:66:                           + type  = (known after apply)
TestTerraformSchemaExample 2022-08-04T18:56:32Z logger.go:66:                           + user  = (known after apply)
TestTerraformSchemaExample 2022-08-04T18:56:32Z logger.go:66:                         }
TestTerraformSchemaExample 2022-08-04T18:56:32Z logger.go:66:                       + seccompProfile      = {
TestTerraformSchemaExample 2022-08-04T18:56:32Z logger.go:66:                           + localhostProfile = (known after apply)
TestTerraformSchemaExample 2022-08-04T18:56:32Z logger.go:66:                           + type             = (known after apply)
TestTerraformSchemaExample 2022-08-04T18:56:32Z logger.go:66:                         }
TestTerraformSchemaExample 2022-08-04T18:56:32Z logger.go:66:                       + supplementalGroups  = (known after apply)
TestTerraformSchemaExample 2022-08-04T18:56:32Z logger.go:66:                       + sysctls             = (known after apply)
TestTerraformSchemaExample 2022-08-04T18:56:32Z logger.go:66:                       + windowsOptions      = {
TestTerraformSchemaExample 2022-08-04T18:56:32Z logger.go:66:                           + gmsaCredentialSpec     = (known after apply)
TestTerraformSchemaExample 2022-08-04T18:56:32Z logger.go:66:                           + gmsaCredentialSpecName = (known after apply)
TestTerraformSchemaExample 2022-08-04T18:56:32Z logger.go:66:                           + hostProcess            = (known after apply)
TestTerraformSchemaExample 2022-08-04T18:56:32Z logger.go:66:                           + runAsUserName          = (known after apply)
TestTerraformSchemaExample 2022-08-04T18:56:32Z logger.go:66:                         }
TestTerraformSchemaExample 2022-08-04T18:56:32Z logger.go:66:                     }
TestTerraformSchemaExample 2022-08-04T18:56:32Z logger.go:66:                   + priorityClassName             = (known after apply)
TestTerraformSchemaExample 2022-08-04T18:56:32Z logger.go:66:                   + probe                         = {
TestTerraformSchemaExample 2022-08-04T18:56:32Z logger.go:66:                       + liveness  = {
TestTerraformSchemaExample 2022-08-04T18:56:32Z logger.go:66:                           + failureThreshold    = (known after apply)
TestTerraformSchemaExample 2022-08-04T18:56:32Z logger.go:66:                           + initialDelaySeconds = (known after apply)
TestTerraformSchemaExample 2022-08-04T18:56:32Z logger.go:66:                           + periodSeconds       = (known after apply)
TestTerraformSchemaExample 2022-08-04T18:56:32Z logger.go:66:                           + successThreshold    = (known after apply)
TestTerraformSchemaExample 2022-08-04T18:56:32Z logger.go:66:                           + timeoutSeconds      = (known after apply)
TestTerraformSchemaExample 2022-08-04T18:56:32Z logger.go:66:                         }
TestTerraformSchemaExample 2022-08-04T18:56:32Z logger.go:66:                       + readiness = {
TestTerraformSchemaExample 2022-08-04T18:56:32Z logger.go:66:                           + failureThreshold    = (known after apply)
TestTerraformSchemaExample 2022-08-04T18:56:32Z logger.go:66:                           + initialDelaySeconds = (known after apply)
TestTerraformSchemaExample 2022-08-04T18:56:32Z logger.go:66:                           + periodSeconds       = (known after apply)
TestTerraformSchemaExample 2022-08-04T18:56:32Z logger.go:66:                           + successThreshold    = (known after apply)
TestTerraformSchemaExample 2022-08-04T18:56:32Z logger.go:66:                           + timeoutSeconds      = (known after apply)
TestTerraformSchemaExample 2022-08-04T18:56:32Z logger.go:66:                         }
TestTerraformSchemaExample 2022-08-04T18:56:32Z logger.go:66:                     }
TestTerraformSchemaExample 2022-08-04T18:56:32Z logger.go:66:                   + resources                     = {
TestTerraformSchemaExample 2022-08-04T18:56:32Z logger.go:66:                       + limits   = (known after apply)
TestTerraformSchemaExample 2022-08-04T18:56:32Z logger.go:66:                       + requests = (known after apply)
TestTerraformSchemaExample 2022-08-04T18:56:32Z logger.go:66:                     }
TestTerraformSchemaExample 2022-08-04T18:56:32Z logger.go:66:                   + securityContext               = {
TestTerraformSchemaExample 2022-08-04T18:56:32Z logger.go:66:                       + allowPrivilegeEscalation = (known after apply)
TestTerraformSchemaExample 2022-08-04T18:56:32Z logger.go:66:                       + capabilities             = {
TestTerraformSchemaExample 2022-08-04T18:56:32Z logger.go:66:                           + add  = (known after apply)
TestTerraformSchemaExample 2022-08-04T18:56:32Z logger.go:66:                           + drop = (known after apply)
TestTerraformSchemaExample 2022-08-04T18:56:32Z logger.go:66:                         }
TestTerraformSchemaExample 2022-08-04T18:56:32Z logger.go:66:                       + privileged               = (known after apply)
TestTerraformSchemaExample 2022-08-04T18:56:32Z logger.go:66:                       + procMount                = (known after apply)
TestTerraformSchemaExample 2022-08-04T18:56:32Z logger.go:66:                       + readOnlyRootFilesystem   = (known after apply)
TestTerraformSchemaExample 2022-08-04T18:56:32Z logger.go:66:                       + runAsGroup               = (known after apply)
TestTerraformSchemaExample 2022-08-04T18:56:32Z logger.go:66:                       + runAsNonRoot             = (known after apply)
TestTerraformSchemaExample 2022-08-04T18:56:32Z logger.go:66:                       + runAsUser                = (known after apply)
TestTerraformSchemaExample 2022-08-04T18:56:32Z logger.go:66:                       + seLinuxOptions           = {
TestTerraformSchemaExample 2022-08-04T18:56:32Z logger.go:66:                           + level = (known after apply)
TestTerraformSchemaExample 2022-08-04T18:56:32Z logger.go:66:                           + role  = (known after apply)
TestTerraformSchemaExample 2022-08-04T18:56:32Z logger.go:66:                           + type  = (known after apply)
TestTerraformSchemaExample 2022-08-04T18:56:32Z logger.go:66:                           + user  = (known after apply)
TestTerraformSchemaExample 2022-08-04T18:56:32Z logger.go:66:                         }
TestTerraformSchemaExample 2022-08-04T18:56:32Z logger.go:66:                       + seccompProfile           = {
TestTerraformSchemaExample 2022-08-04T18:56:32Z logger.go:66:                           + localhostProfile = (known after apply)
TestTerraformSchemaExample 2022-08-04T18:56:32Z logger.go:66:                           + type             = (known after apply)
TestTerraformSchemaExample 2022-08-04T18:56:32Z logger.go:66:                         }
TestTerraformSchemaExample 2022-08-04T18:56:32Z logger.go:66:                       + windowsOptions           = {
TestTerraformSchemaExample 2022-08-04T18:56:32Z logger.go:66:                           + gmsaCredentialSpec     = (known after apply)
TestTerraformSchemaExample 2022-08-04T18:56:32Z logger.go:66:                           + gmsaCredentialSpecName = (known after apply)
TestTerraformSchemaExample 2022-08-04T18:56:32Z logger.go:66:                           + hostProcess            = (known after apply)
TestTerraformSchemaExample 2022-08-04T18:56:32Z logger.go:66:                           + runAsUserName          = (known after apply)
TestTerraformSchemaExample 2022-08-04T18:56:32Z logger.go:66:                         }
TestTerraformSchemaExample 2022-08-04T18:56:32Z logger.go:66:                     }
TestTerraformSchemaExample 2022-08-04T18:56:32Z logger.go:66:                   + serviceAccountName            = (known after apply)
TestTerraformSchemaExample 2022-08-04T18:56:32Z logger.go:66:                   + terminationGracePeriodSeconds = (known after apply)
TestTerraformSchemaExample 2022-08-04T18:56:32Z logger.go:66:                   + tolerations                   = (known after apply)
TestTerraformSchemaExample 2022-08-04T18:56:32Z logger.go:66:                   + topologySpreadConstraints     = (known after apply)
TestTerraformSchemaExample 2022-08-04T18:56:32Z logger.go:66:                 }
TestTerraformSchemaExample 2022-08-04T18:56:32Z logger.go:66:               + replicas                      = 3
TestTerraformSchemaExample 2022-08-04T18:56:32Z logger.go:66:               + telemetry                     = {
TestTerraformSchemaExample 2022-08-04T18:56:32Z logger.go:66:                   + global = (known after apply)
TestTerraformSchemaExample 2022-08-04T18:56:32Z logger.go:66:                 }
TestTerraformSchemaExample 2022-08-04T18:56:32Z logger.go:66:               + tls                           = {
TestTerraformSchemaExample 2022-08-04T18:56:32Z logger.go:66:                   + autoGeneratedCerts       = (known after apply)
TestTerraformSchemaExample 2022-08-04T18:56:32Z logger.go:66:                   + directoryPathInContainer = (known after apply)
TestTerraformSchemaExample 2022-08-04T18:56:32Z logger.go:66:                   + ignoreTrustStoreConfig   = (known after apply)
TestTerraformSchemaExample 2022-08-04T18:56:32Z logger.go:66:                   + jksPassword              = {
TestTerraformSchemaExample 2022-08-04T18:56:32Z logger.go:66:                       + secretRef = (known after apply)
TestTerraformSchemaExample 2022-08-04T18:56:32Z logger.go:66:                     }
TestTerraformSchemaExample 2022-08-04T18:56:32Z logger.go:66:                   + secretRef                = (known after apply)
TestTerraformSchemaExample 2022-08-04T18:56:32Z logger.go:66:                 }
TestTerraformSchemaExample 2022-08-04T18:56:32Z logger.go:66:             }
TestTerraformSchemaExample 2022-08-04T18:56:32Z logger.go:66:         }
TestTerraformSchemaExample 2022-08-04T18:56:32Z logger.go:66:
TestTerraformSchemaExample 2022-08-04T18:56:32Z logger.go:66:       + timeouts {
TestTerraformSchemaExample 2022-08-04T18:56:32Z logger.go:66:           + create = "1h"
TestTerraformSchemaExample 2022-08-04T18:56:32Z logger.go:66:           + delete = "10m"
TestTerraformSchemaExample 2022-08-04T18:56:32Z logger.go:66:           + update = "1h"
TestTerraformSchemaExample 2022-08-04T18:56:32Z logger.go:66:         }
TestTerraformSchemaExample 2022-08-04T18:56:32Z logger.go:66:
TestTerraformSchemaExample 2022-08-04T18:56:32Z logger.go:66:       + wait {
TestTerraformSchemaExample 2022-08-04T18:56:32Z logger.go:66:           + fields = {
TestTerraformSchemaExample 2022-08-04T18:56:32Z logger.go:66:               + "status.phase" = "RUNNING"
TestTerraformSchemaExample 2022-08-04T18:56:32Z logger.go:66:             }
TestTerraformSchemaExample 2022-08-04T18:56:32Z logger.go:66:         }
TestTerraformSchemaExample 2022-08-04T18:56:32Z logger.go:66:     }
TestTerraformSchemaExample 2022-08-04T18:56:32Z logger.go:66:
TestTerraformSchemaExample 2022-08-04T18:56:32Z logger.go:66:   # module.confluent_platform.kubernetes_manifest.components["zookeeper"] will be created
TestTerraformSchemaExample 2022-08-04T18:56:32Z logger.go:66:   + resource "kubernetes_manifest" "components" {
TestTerraformSchemaExample 2022-08-04T18:56:32Z logger.go:66:       + computed_fields = [
TestTerraformSchemaExample 2022-08-04T18:56:32Z logger.go:66:           + "metadata.finalizers",
TestTerraformSchemaExample 2022-08-04T18:56:32Z logger.go:66:         ]
TestTerraformSchemaExample 2022-08-04T18:56:32Z logger.go:66:       + manifest        = {
TestTerraformSchemaExample 2022-08-04T18:56:32Z logger.go:66:           + apiVersion = "platform.confluent.io/v1beta1"
TestTerraformSchemaExample 2022-08-04T18:56:32Z logger.go:66:           + kind       = "Zookeeper"
TestTerraformSchemaExample 2022-08-04T18:56:32Z logger.go:66:           + metadata   = {
TestTerraformSchemaExample 2022-08-04T18:56:32Z logger.go:66:               + name      = "zookeeper"
TestTerraformSchemaExample 2022-08-04T18:56:32Z logger.go:66:               + namespace = "confluent"
TestTerraformSchemaExample 2022-08-04T18:56:32Z logger.go:66:             }
TestTerraformSchemaExample 2022-08-04T18:56:32Z logger.go:66:           + spec       = {
TestTerraformSchemaExample 2022-08-04T18:56:32Z logger.go:66:               + dataVolumeCapacity = "10Gi"
TestTerraformSchemaExample 2022-08-04T18:56:32Z logger.go:66:               + image              = {
TestTerraformSchemaExample 2022-08-04T18:56:32Z logger.go:66:                   + application = "confluentinc/cp-zookeeper:7.2.0"
TestTerraformSchemaExample 2022-08-04T18:56:32Z logger.go:66:                   + init        = "confluentinc/confluent-init-container:2.4.0"
TestTerraformSchemaExample 2022-08-04T18:56:32Z logger.go:66:                 }
TestTerraformSchemaExample 2022-08-04T18:56:32Z logger.go:66:               + logVolumeCapacity  = "10Gi"
TestTerraformSchemaExample 2022-08-04T18:56:32Z logger.go:66:               + replicas           = 3
TestTerraformSchemaExample 2022-08-04T18:56:32Z logger.go:66:             }
TestTerraformSchemaExample 2022-08-04T18:56:32Z logger.go:66:         }
TestTerraformSchemaExample 2022-08-04T18:56:32Z logger.go:66:       + object          = {
TestTerraformSchemaExample 2022-08-04T18:56:32Z logger.go:66:           + apiVersion = "platform.confluent.io/v1beta1"
TestTerraformSchemaExample 2022-08-04T18:56:32Z logger.go:66:           + kind       = "Zookeeper"
TestTerraformSchemaExample 2022-08-04T18:56:32Z logger.go:66:           + metadata   = {
TestTerraformSchemaExample 2022-08-04T18:56:32Z logger.go:66:               + annotations                = (known after apply)
TestTerraformSchemaExample 2022-08-04T18:56:32Z logger.go:66:               + clusterName                = (known after apply)
TestTerraformSchemaExample 2022-08-04T18:56:32Z logger.go:66:               + creationTimestamp          = (known after apply)
TestTerraformSchemaExample 2022-08-04T18:56:32Z logger.go:66:               + deletionGracePeriodSeconds = (known after apply)
TestTerraformSchemaExample 2022-08-04T18:56:32Z logger.go:66:               + deletionTimestamp          = (known after apply)
TestTerraformSchemaExample 2022-08-04T18:56:32Z logger.go:66:               + finalizers                 = (known after apply)
TestTerraformSchemaExample 2022-08-04T18:56:32Z logger.go:66:               + generateName               = (known after apply)
TestTerraformSchemaExample 2022-08-04T18:56:32Z logger.go:66:               + generation                 = (known after apply)
TestTerraformSchemaExample 2022-08-04T18:56:32Z logger.go:66:               + labels                     = (known after apply)
TestTerraformSchemaExample 2022-08-04T18:56:32Z logger.go:66:               + managedFields              = (known after apply)
TestTerraformSchemaExample 2022-08-04T18:56:32Z logger.go:66:               + name                       = "zookeeper"
TestTerraformSchemaExample 2022-08-04T18:56:32Z logger.go:66:               + namespace                  = "confluent"
TestTerraformSchemaExample 2022-08-04T18:56:32Z logger.go:66:               + ownerReferences            = (known after apply)
TestTerraformSchemaExample 2022-08-04T18:56:32Z logger.go:66:               + resourceVersion            = (known after apply)
TestTerraformSchemaExample 2022-08-04T18:56:32Z logger.go:66:               + selfLink                   = (known after apply)
TestTerraformSchemaExample 2022-08-04T18:56:32Z logger.go:66:               + uid                        = (known after apply)
TestTerraformSchemaExample 2022-08-04T18:56:32Z logger.go:66:             }
TestTerraformSchemaExample 2022-08-04T18:56:32Z logger.go:66:           + spec       = {
TestTerraformSchemaExample 2022-08-04T18:56:32Z logger.go:66:               + authentication     = {
TestTerraformSchemaExample 2022-08-04T18:56:32Z logger.go:66:                   + jaasConfig            = {
TestTerraformSchemaExample 2022-08-04T18:56:32Z logger.go:66:                       + secretRef = (known after apply)
TestTerraformSchemaExample 2022-08-04T18:56:32Z logger.go:66:                     }
TestTerraformSchemaExample 2022-08-04T18:56:32Z logger.go:66:                   + jaasConfigPassThrough = {
TestTerraformSchemaExample 2022-08-04T18:56:32Z logger.go:66:                       + directoryPathInContainer = (known after apply)
TestTerraformSchemaExample 2022-08-04T18:56:32Z logger.go:66:                       + secretRef                = (known after apply)
TestTerraformSchemaExample 2022-08-04T18:56:32Z logger.go:66:                     }
TestTerraformSchemaExample 2022-08-04T18:56:32Z logger.go:66:                   + principalMappingRules = (known after apply)
TestTerraformSchemaExample 2022-08-04T18:56:32Z logger.go:66:                   + type                  = (known after apply)
TestTerraformSchemaExample 2022-08-04T18:56:32Z logger.go:66:                 }
TestTerraformSchemaExample 2022-08-04T18:56:32Z logger.go:66:               + configOverrides    = {
TestTerraformSchemaExample 2022-08-04T18:56:32Z logger.go:66:                   + jvm    = (known after apply)
TestTerraformSchemaExample 2022-08-04T18:56:32Z logger.go:66:                   + log4j  = (known after apply)
TestTerraformSchemaExample 2022-08-04T18:56:32Z logger.go:66:                   + peers  = (known after apply)
TestTerraformSchemaExample 2022-08-04T18:56:32Z logger.go:66:                   + server = (known after apply)
TestTerraformSchemaExample 2022-08-04T18:56:32Z logger.go:66:                 }
TestTerraformSchemaExample 2022-08-04T18:56:32Z logger.go:66:               + dataVolumeCapacity = "10Gi"
TestTerraformSchemaExample 2022-08-04T18:56:32Z logger.go:66:               + headlessService    = {
TestTerraformSchemaExample 2022-08-04T18:56:32Z logger.go:66:                   + annotations              = (known after apply)
TestTerraformSchemaExample 2022-08-04T18:56:32Z logger.go:66:                   + labels                   = (known after apply)
TestTerraformSchemaExample 2022-08-04T18:56:32Z logger.go:66:                   + publishNotReadyAddresses = (known after apply)
TestTerraformSchemaExample 2022-08-04T18:56:32Z logger.go:66:                 }
TestTerraformSchemaExample 2022-08-04T18:56:32Z logger.go:66:               + image              = {
TestTerraformSchemaExample 2022-08-04T18:56:32Z logger.go:66:                   + application   = "confluentinc/cp-zookeeper:7.2.0"
TestTerraformSchemaExample 2022-08-04T18:56:32Z logger.go:66:                   + init          = "confluentinc/confluent-init-container:2.4.0"
TestTerraformSchemaExample 2022-08-04T18:56:32Z logger.go:66:                   + pullPolicy    = (known after apply)
TestTerraformSchemaExample 2022-08-04T18:56:32Z logger.go:66:                   + pullSecretRef = (known after apply)
TestTerraformSchemaExample 2022-08-04T18:56:32Z logger.go:66:                 }
TestTerraformSchemaExample 2022-08-04T18:56:32Z logger.go:66:               + injectAnnotations  = (known after apply)
TestTerraformSchemaExample 2022-08-04T18:56:32Z logger.go:66:               + injectLabels       = (known after apply)
TestTerraformSchemaExample 2022-08-04T18:56:32Z logger.go:66:               + k8sClusterDomain   = (known after apply)
TestTerraformSchemaExample 2022-08-04T18:56:32Z logger.go:66:               + license            = {
TestTerraformSchemaExample 2022-08-04T18:56:32Z logger.go:66:                   + directoryPathInContainer = (known after apply)
TestTerraformSchemaExample 2022-08-04T18:56:32Z logger.go:66:                   + globalLicense            = (known after apply)
TestTerraformSchemaExample 2022-08-04T18:56:32Z logger.go:66:                   + secretRef                = (known after apply)
TestTerraformSchemaExample 2022-08-04T18:56:32Z logger.go:66:                 }
TestTerraformSchemaExample 2022-08-04T18:56:32Z logger.go:66:               + logVolumeCapacity  = "10Gi"
TestTerraformSchemaExample 2022-08-04T18:56:32Z logger.go:66:               + metrics            = {
TestTerraformSchemaExample 2022-08-04T18:56:32Z logger.go:66:                   + authentication = {
TestTerraformSchemaExample 2022-08-04T18:56:32Z logger.go:66:                       + type = (known after apply)
TestTerraformSchemaExample 2022-08-04T18:56:32Z logger.go:66:                     }
TestTerraformSchemaExample 2022-08-04T18:56:32Z logger.go:66:                   + prometheus     = {
TestTerraformSchemaExample 2022-08-04T18:56:32Z logger.go:66:                       + blacklist = (known after apply)
TestTerraformSchemaExample 2022-08-04T18:56:32Z logger.go:66:                       + rules     = (known after apply)
TestTerraformSchemaExample 2022-08-04T18:56:32Z logger.go:66:                       + whitelist = (known after apply)
TestTerraformSchemaExample 2022-08-04T18:56:32Z logger.go:66:                     }
TestTerraformSchemaExample 2022-08-04T18:56:32Z logger.go:66:                   + tls            = {
TestTerraformSchemaExample 2022-08-04T18:56:32Z logger.go:66:                       + directoryPathInContainer = (known after apply)
TestTerraformSchemaExample 2022-08-04T18:56:32Z logger.go:66:                       + enabled                  = (known after apply)
TestTerraformSchemaExample 2022-08-04T18:56:32Z logger.go:66:                       + ignoreTrustStoreConfig   = (known after apply)
TestTerraformSchemaExample 2022-08-04T18:56:32Z logger.go:66:                       + jksPassword              = {
TestTerraformSchemaExample 2022-08-04T18:56:32Z logger.go:66:                           + secretRef = (known after apply)
TestTerraformSchemaExample 2022-08-04T18:56:32Z logger.go:66:                         }
TestTerraformSchemaExample 2022-08-04T18:56:32Z logger.go:66:                       + secretRef                = (known after apply)
TestTerraformSchemaExample 2022-08-04T18:56:32Z logger.go:66:                     }
TestTerraformSchemaExample 2022-08-04T18:56:32Z logger.go:66:                 }
TestTerraformSchemaExample 2022-08-04T18:56:32Z logger.go:66:               + mountedSecrets     = (known after apply)
TestTerraformSchemaExample 2022-08-04T18:56:32Z logger.go:66:               + mountedVolumes     = {
TestTerraformSchemaExample 2022-08-04T18:56:32Z logger.go:66:                   + volumeMounts = (known after apply)
TestTerraformSchemaExample 2022-08-04T18:56:32Z logger.go:66:                   + volumes      = (known after apply)
TestTerraformSchemaExample 2022-08-04T18:56:32Z logger.go:66:                 }
TestTerraformSchemaExample 2022-08-04T18:56:32Z logger.go:66:               + oneReplicaPerNode  = (known after apply)
TestTerraformSchemaExample 2022-08-04T18:56:32Z logger.go:66:               + podTemplate        = {
TestTerraformSchemaExample 2022-08-04T18:56:32Z logger.go:66:                   + affinity                      = {
TestTerraformSchemaExample 2022-08-04T18:56:32Z logger.go:66:                       + nodeAffinity    = {
TestTerraformSchemaExample 2022-08-04T18:56:32Z logger.go:66:                           + preferredDuringSchedulingIgnoredDuringExecution = (known after apply)
TestTerraformSchemaExample 2022-08-04T18:56:32Z logger.go:66:                           + requiredDuringSchedulingIgnoredDuringExecution  = {
TestTerraformSchemaExample 2022-08-04T18:56:32Z logger.go:66:                               + nodeSelectorTerms = (known after apply)
TestTerraformSchemaExample 2022-08-04T18:56:32Z logger.go:66:                             }
TestTerraformSchemaExample 2022-08-04T18:56:32Z logger.go:66:                         }
TestTerraformSchemaExample 2022-08-04T18:56:32Z logger.go:66:                       + podAffinity     = {
TestTerraformSchemaExample 2022-08-04T18:56:32Z logger.go:66:                           + preferredDuringSchedulingIgnoredDuringExecution = (known after apply)
TestTerraformSchemaExample 2022-08-04T18:56:32Z logger.go:66:                           + requiredDuringSchedulingIgnoredDuringExecution  = (known after apply)
TestTerraformSchemaExample 2022-08-04T18:56:32Z logger.go:66:                         }
TestTerraformSchemaExample 2022-08-04T18:56:32Z logger.go:66:                       + podAntiAffinity = {
TestTerraformSchemaExample 2022-08-04T18:56:32Z logger.go:66:                           + preferredDuringSchedulingIgnoredDuringExecution = (known after apply)
TestTerraformSchemaExample 2022-08-04T18:56:32Z logger.go:66:                           + requiredDuringSchedulingIgnoredDuringExecution  = (known after apply)
TestTerraformSchemaExample 2022-08-04T18:56:32Z logger.go:66:                         }
TestTerraformSchemaExample 2022-08-04T18:56:32Z logger.go:66:                     }
TestTerraformSchemaExample 2022-08-04T18:56:32Z logger.go:66:                   + annotations                   = (known after apply)
TestTerraformSchemaExample 2022-08-04T18:56:32Z logger.go:66:                   + envVars                       = (known after apply)
TestTerraformSchemaExample 2022-08-04T18:56:32Z logger.go:66:                   + labels                        = (known after apply)
TestTerraformSchemaExample 2022-08-04T18:56:32Z logger.go:66:                   + podSecurityContext            = {
TestTerraformSchemaExample 2022-08-04T18:56:32Z logger.go:66:                       + fsGroup             = (known after apply)
TestTerraformSchemaExample 2022-08-04T18:56:32Z logger.go:66:                       + fsGroupChangePolicy = (known after apply)
TestTerraformSchemaExample 2022-08-04T18:56:32Z logger.go:66:                       + runAsGroup          = (known after apply)
TestTerraformSchemaExample 2022-08-04T18:56:32Z logger.go:66:                       + runAsNonRoot        = (known after apply)
TestTerraformSchemaExample 2022-08-04T18:56:32Z logger.go:66:                       + runAsUser           = (known after apply)
TestTerraformSchemaExample 2022-08-04T18:56:32Z logger.go:66:                       + seLinuxOptions      = {
TestTerraformSchemaExample 2022-08-04T18:56:32Z logger.go:66:                           + level = (known after apply)
TestTerraformSchemaExample 2022-08-04T18:56:32Z logger.go:66:                           + role  = (known after apply)
TestTerraformSchemaExample 2022-08-04T18:56:32Z logger.go:66:                           + type  = (known after apply)
TestTerraformSchemaExample 2022-08-04T18:56:32Z logger.go:66:                           + user  = (known after apply)
TestTerraformSchemaExample 2022-08-04T18:56:32Z logger.go:66:                         }
TestTerraformSchemaExample 2022-08-04T18:56:32Z logger.go:66:                       + seccompProfile      = {
TestTerraformSchemaExample 2022-08-04T18:56:32Z logger.go:66:                           + localhostProfile = (known after apply)
TestTerraformSchemaExample 2022-08-04T18:56:32Z logger.go:66:                           + type             = (known after apply)
TestTerraformSchemaExample 2022-08-04T18:56:32Z logger.go:66:                         }
TestTerraformSchemaExample 2022-08-04T18:56:32Z logger.go:66:                       + supplementalGroups  = (known after apply)
TestTerraformSchemaExample 2022-08-04T18:56:32Z logger.go:66:                       + sysctls             = (known after apply)
TestTerraformSchemaExample 2022-08-04T18:56:32Z logger.go:66:                       + windowsOptions      = {
TestTerraformSchemaExample 2022-08-04T18:56:32Z logger.go:66:                           + gmsaCredentialSpec     = (known after apply)
TestTerraformSchemaExample 2022-08-04T18:56:32Z logger.go:66:                           + gmsaCredentialSpecName = (known after apply)
TestTerraformSchemaExample 2022-08-04T18:56:32Z logger.go:66:                           + hostProcess            = (known after apply)
TestTerraformSchemaExample 2022-08-04T18:56:32Z logger.go:66:                           + runAsUserName          = (known after apply)
TestTerraformSchemaExample 2022-08-04T18:56:32Z logger.go:66:                         }
TestTerraformSchemaExample 2022-08-04T18:56:32Z logger.go:66:                     }
TestTerraformSchemaExample 2022-08-04T18:56:32Z logger.go:66:                   + priorityClassName             = (known after apply)
TestTerraformSchemaExample 2022-08-04T18:56:32Z logger.go:66:                   + probe                         = {
TestTerraformSchemaExample 2022-08-04T18:56:32Z logger.go:66:                       + liveness  = {
TestTerraformSchemaExample 2022-08-04T18:56:32Z logger.go:66:                           + failureThreshold    = (known after apply)
TestTerraformSchemaExample 2022-08-04T18:56:32Z logger.go:66:                           + initialDelaySeconds = (known after apply)
TestTerraformSchemaExample 2022-08-04T18:56:32Z logger.go:66:                           + periodSeconds       = (known after apply)
TestTerraformSchemaExample 2022-08-04T18:56:32Z logger.go:66:                           + successThreshold    = (known after apply)
TestTerraformSchemaExample 2022-08-04T18:56:32Z logger.go:66:                           + timeoutSeconds      = (known after apply)
TestTerraformSchemaExample 2022-08-04T18:56:32Z logger.go:66:                         }
TestTerraformSchemaExample 2022-08-04T18:56:32Z logger.go:66:                       + readiness = {
TestTerraformSchemaExample 2022-08-04T18:56:32Z logger.go:66:                           + failureThreshold    = (known after apply)
TestTerraformSchemaExample 2022-08-04T18:56:32Z logger.go:66:                           + initialDelaySeconds = (known after apply)
TestTerraformSchemaExample 2022-08-04T18:56:32Z logger.go:66:                           + periodSeconds       = (known after apply)
TestTerraformSchemaExample 2022-08-04T18:56:32Z logger.go:66:                           + successThreshold    = (known after apply)
TestTerraformSchemaExample 2022-08-04T18:56:32Z logger.go:66:                           + timeoutSeconds      = (known after apply)
TestTerraformSchemaExample 2022-08-04T18:56:32Z logger.go:66:                         }
TestTerraformSchemaExample 2022-08-04T18:56:32Z logger.go:66:                     }
TestTerraformSchemaExample 2022-08-04T18:56:32Z logger.go:66:                   + resources                     = {
TestTerraformSchemaExample 2022-08-04T18:56:32Z logger.go:66:                       + limits   = (known after apply)
TestTerraformSchemaExample 2022-08-04T18:56:32Z logger.go:66:                       + requests = (known after apply)
TestTerraformSchemaExample 2022-08-04T18:56:32Z logger.go:66:                     }
TestTerraformSchemaExample 2022-08-04T18:56:32Z logger.go:66:                   + securityContext               = {
TestTerraformSchemaExample 2022-08-04T18:56:32Z logger.go:66:                       + allowPrivilegeEscalation = (known after apply)
TestTerraformSchemaExample 2022-08-04T18:56:32Z logger.go:66:                       + capabilities             = {
TestTerraformSchemaExample 2022-08-04T18:56:32Z logger.go:66:                           + add  = (known after apply)
TestTerraformSchemaExample 2022-08-04T18:56:32Z logger.go:66:                           + drop = (known after apply)
TestTerraformSchemaExample 2022-08-04T18:56:32Z logger.go:66:                         }
TestTerraformSchemaExample 2022-08-04T18:56:32Z logger.go:66:                       + privileged               = (known after apply)
TestTerraformSchemaExample 2022-08-04T18:56:32Z logger.go:66:                       + procMount                = (known after apply)
TestTerraformSchemaExample 2022-08-04T18:56:32Z logger.go:66:                       + readOnlyRootFilesystem   = (known after apply)
TestTerraformSchemaExample 2022-08-04T18:56:32Z logger.go:66:                       + runAsGroup               = (known after apply)
TestTerraformSchemaExample 2022-08-04T18:56:32Z logger.go:66:                       + runAsNonRoot             = (known after apply)
TestTerraformSchemaExample 2022-08-04T18:56:32Z logger.go:66:                       + runAsUser                = (known after apply)
TestTerraformSchemaExample 2022-08-04T18:56:32Z logger.go:66:                       + seLinuxOptions           = {
TestTerraformSchemaExample 2022-08-04T18:56:32Z logger.go:66:                           + level = (known after apply)
TestTerraformSchemaExample 2022-08-04T18:56:32Z logger.go:66:                           + role  = (known after apply)
TestTerraformSchemaExample 2022-08-04T18:56:32Z logger.go:66:                           + type  = (known after apply)
TestTerraformSchemaExample 2022-08-04T18:56:32Z logger.go:66:                           + user  = (known after apply)
TestTerraformSchemaExample 2022-08-04T18:56:32Z logger.go:66:                         }
TestTerraformSchemaExample 2022-08-04T18:56:32Z logger.go:66:                       + seccompProfile           = {
TestTerraformSchemaExample 2022-08-04T18:56:32Z logger.go:66:                           + localhostProfile = (known after apply)
TestTerraformSchemaExample 2022-08-04T18:56:32Z logger.go:66:                           + type             = (known after apply)
TestTerraformSchemaExample 2022-08-04T18:56:32Z logger.go:66:                         }
TestTerraformSchemaExample 2022-08-04T18:56:32Z logger.go:66:                       + windowsOptions           = {
TestTerraformSchemaExample 2022-08-04T18:56:32Z logger.go:66:                           + gmsaCredentialSpec     = (known after apply)
TestTerraformSchemaExample 2022-08-04T18:56:32Z logger.go:66:                           + gmsaCredentialSpecName = (known after apply)
TestTerraformSchemaExample 2022-08-04T18:56:32Z logger.go:66:                           + hostProcess            = (known after apply)
TestTerraformSchemaExample 2022-08-04T18:56:32Z logger.go:66:                           + runAsUserName          = (known after apply)
TestTerraformSchemaExample 2022-08-04T18:56:32Z logger.go:66:                         }
TestTerraformSchemaExample 2022-08-04T18:56:32Z logger.go:66:                     }
TestTerraformSchemaExample 2022-08-04T18:56:32Z logger.go:66:                   + serviceAccountName            = (known after apply)
TestTerraformSchemaExample 2022-08-04T18:56:32Z logger.go:66:                   + terminationGracePeriodSeconds = (known after apply)
TestTerraformSchemaExample 2022-08-04T18:56:32Z logger.go:66:                   + tolerations                   = (known after apply)
TestTerraformSchemaExample 2022-08-04T18:56:32Z logger.go:66:                   + topologySpreadConstraints     = (known after apply)
TestTerraformSchemaExample 2022-08-04T18:56:32Z logger.go:66:                 }
TestTerraformSchemaExample 2022-08-04T18:56:32Z logger.go:66:               + replicas           = 3
TestTerraformSchemaExample 2022-08-04T18:56:32Z logger.go:66:               + storageClass       = {
TestTerraformSchemaExample 2022-08-04T18:56:32Z logger.go:66:                   + name = (known after apply)
TestTerraformSchemaExample 2022-08-04T18:56:32Z logger.go:66:                 }
TestTerraformSchemaExample 2022-08-04T18:56:32Z logger.go:66:               + tls                = {
TestTerraformSchemaExample 2022-08-04T18:56:32Z logger.go:66:                   + autoGeneratedCerts       = (known after apply)
TestTerraformSchemaExample 2022-08-04T18:56:32Z logger.go:66:                   + directoryPathInContainer = (known after apply)
TestTerraformSchemaExample 2022-08-04T18:56:32Z logger.go:66:                   + ignoreTrustStoreConfig   = (known after apply)
TestTerraformSchemaExample 2022-08-04T18:56:32Z logger.go:66:                   + jksPassword              = {
TestTerraformSchemaExample 2022-08-04T18:56:32Z logger.go:66:                       + secretRef = (known after apply)
TestTerraformSchemaExample 2022-08-04T18:56:32Z logger.go:66:                     }
TestTerraformSchemaExample 2022-08-04T18:56:32Z logger.go:66:                   + secretRef                = (known after apply)
TestTerraformSchemaExample 2022-08-04T18:56:32Z logger.go:66:                 }
TestTerraformSchemaExample 2022-08-04T18:56:32Z logger.go:66:             }
TestTerraformSchemaExample 2022-08-04T18:56:32Z logger.go:66:         }
TestTerraformSchemaExample 2022-08-04T18:56:32Z logger.go:66:
TestTerraformSchemaExample 2022-08-04T18:56:32Z logger.go:66:       + timeouts {
TestTerraformSchemaExample 2022-08-04T18:56:32Z logger.go:66:           + create = "1h"
TestTerraformSchemaExample 2022-08-04T18:56:32Z logger.go:66:           + delete = "10m"
TestTerraformSchemaExample 2022-08-04T18:56:32Z logger.go:66:           + update = "1h"
TestTerraformSchemaExample 2022-08-04T18:56:32Z logger.go:66:         }
TestTerraformSchemaExample 2022-08-04T18:56:32Z logger.go:66:
TestTerraformSchemaExample 2022-08-04T18:56:32Z logger.go:66:       + wait {
TestTerraformSchemaExample 2022-08-04T18:56:32Z logger.go:66:           + fields = {
TestTerraformSchemaExample 2022-08-04T18:56:32Z logger.go:66:               + "status.phase" = "RUNNING"
TestTerraformSchemaExample 2022-08-04T18:56:32Z logger.go:66:             }
TestTerraformSchemaExample 2022-08-04T18:56:32Z logger.go:66:         }
TestTerraformSchemaExample 2022-08-04T18:56:32Z logger.go:66:     }
TestTerraformSchemaExample 2022-08-04T18:56:32Z logger.go:66:
TestTerraformSchemaExample 2022-08-04T18:56:32Z logger.go:66:   # module.schema.data.kubernetes_resource.schema will be read during apply
TestTerraformSchemaExample 2022-08-04T18:56:32Z logger.go:66:   # (depends on a resource or a module with changes pending)
TestTerraformSchemaExample 2022-08-04T18:56:32Z logger.go:66:  <= data "kubernetes_resource" "schema" {
TestTerraformSchemaExample 2022-08-04T18:56:32Z logger.go:66:       + api_version = "platform.confluent.io/v1beta1"
TestTerraformSchemaExample 2022-08-04T18:56:32Z logger.go:66:       + kind        = "Schema"
TestTerraformSchemaExample 2022-08-04T18:56:32Z logger.go:66:       + object      = (known after apply)
TestTerraformSchemaExample 2022-08-04T18:56:32Z logger.go:66:
TestTerraformSchemaExample 2022-08-04T18:56:32Z logger.go:66:       + metadata {
TestTerraformSchemaExample 2022-08-04T18:56:32Z logger.go:66:           + name      = "pageviews-value"
TestTerraformSchemaExample 2022-08-04T18:56:32Z logger.go:66:           + namespace = "confluent"
TestTerraformSchemaExample 2022-08-04T18:56:32Z logger.go:66:         }
TestTerraformSchemaExample 2022-08-04T18:56:32Z logger.go:66:     }
TestTerraformSchemaExample 2022-08-04T18:56:32Z logger.go:66:
TestTerraformSchemaExample 2022-08-04T18:56:32Z logger.go:66:   # module.schema.kubernetes_config_map_v1.schema_config will be created
TestTerraformSchemaExample 2022-08-04T18:56:32Z logger.go:66:   + resource "kubernetes_config_map_v1" "schema_config" {
TestTerraformSchemaExample 2022-08-04T18:56:32Z logger.go:66:       + data = {
TestTerraformSchemaExample 2022-08-04T18:56:32Z logger.go:66:           + "schema" = jsonencode(
TestTerraformSchemaExample 2022-08-04T18:56:32Z logger.go:66:                 {
TestTerraformSchemaExample 2022-08-04T18:56:32Z logger.go:66:                   + "connect.name" = "ksql.pageviews"
TestTerraformSchemaExample 2022-08-04T18:56:32Z logger.go:66:                   + fields         = [
TestTerraformSchemaExample 2022-08-04T18:56:32Z logger.go:66:                       + {
TestTerraformSchemaExample 2022-08-04T18:56:32Z logger.go:66:                           + name = "viewtime"
TestTerraformSchemaExample 2022-08-04T18:56:32Z logger.go:66:                           + type = "long"
TestTerraformSchemaExample 2022-08-04T18:56:32Z logger.go:66:                         },
TestTerraformSchemaExample 2022-08-04T18:56:32Z logger.go:66:                       + {
TestTerraformSchemaExample 2022-08-04T18:56:32Z logger.go:66:                           + name = "userid"
TestTerraformSchemaExample 2022-08-04T18:56:32Z logger.go:66:                           + type = "string"
TestTerraformSchemaExample 2022-08-04T18:56:32Z logger.go:66:                         },
TestTerraformSchemaExample 2022-08-04T18:56:32Z logger.go:66:                       + {
TestTerraformSchemaExample 2022-08-04T18:56:32Z logger.go:66:                           + name = "pageid"
TestTerraformSchemaExample 2022-08-04T18:56:32Z logger.go:66:                           + type = "string"
TestTerraformSchemaExample 2022-08-04T18:56:32Z logger.go:66:                         },
TestTerraformSchemaExample 2022-08-04T18:56:32Z logger.go:66:                     ]
TestTerraformSchemaExample 2022-08-04T18:56:32Z logger.go:66:                   + name           = "pageviews"
TestTerraformSchemaExample 2022-08-04T18:56:32Z logger.go:66:                   + namespace      = "ksql"
TestTerraformSchemaExample 2022-08-04T18:56:32Z logger.go:66:                   + type           = "record"
TestTerraformSchemaExample 2022-08-04T18:56:32Z logger.go:66:                 }
TestTerraformSchemaExample 2022-08-04T18:56:32Z logger.go:66:             )
TestTerraformSchemaExample 2022-08-04T18:56:32Z logger.go:66:         }
TestTerraformSchemaExample 2022-08-04T18:56:32Z logger.go:66:       + id   = (known after apply)
TestTerraformSchemaExample 2022-08-04T18:56:32Z logger.go:66:
TestTerraformSchemaExample 2022-08-04T18:56:32Z logger.go:66:       + metadata {
TestTerraformSchemaExample 2022-08-04T18:56:32Z logger.go:66:           + generation       = (known after apply)
TestTerraformSchemaExample 2022-08-04T18:56:32Z logger.go:66:           + name             = "pageviews-value-config"
TestTerraformSchemaExample 2022-08-04T18:56:32Z logger.go:66:           + namespace        = "confluent"
TestTerraformSchemaExample 2022-08-04T18:56:32Z logger.go:66:           + resource_version = (known after apply)
TestTerraformSchemaExample 2022-08-04T18:56:32Z logger.go:66:           + uid              = (known after apply)
TestTerraformSchemaExample 2022-08-04T18:56:32Z logger.go:66:         }
TestTerraformSchemaExample 2022-08-04T18:56:32Z logger.go:66:     }
TestTerraformSchemaExample 2022-08-04T18:56:32Z logger.go:66:
TestTerraformSchemaExample 2022-08-04T18:56:32Z logger.go:66:   # module.schema.kubernetes_manifest.schema will be created
TestTerraformSchemaExample 2022-08-04T18:56:32Z logger.go:66:   + resource "kubernetes_manifest" "schema" {
TestTerraformSchemaExample 2022-08-04T18:56:32Z logger.go:66:       + computed_fields = [
TestTerraformSchemaExample 2022-08-04T18:56:32Z logger.go:66:           + "metadata.finalizers",
TestTerraformSchemaExample 2022-08-04T18:56:32Z logger.go:66:         ]
TestTerraformSchemaExample 2022-08-04T18:56:32Z logger.go:66:       + manifest        = {
TestTerraformSchemaExample 2022-08-04T18:56:32Z logger.go:66:           + apiVersion = "platform.confluent.io/v1beta1"
TestTerraformSchemaExample 2022-08-04T18:56:32Z logger.go:66:           + kind       = "Schema"
TestTerraformSchemaExample 2022-08-04T18:56:32Z logger.go:66:           + metadata   = {
TestTerraformSchemaExample 2022-08-04T18:56:32Z logger.go:66:               + name      = "pageviews-value"
TestTerraformSchemaExample 2022-08-04T18:56:32Z logger.go:66:               + namespace = "confluent"
TestTerraformSchemaExample 2022-08-04T18:56:32Z logger.go:66:             }
TestTerraformSchemaExample 2022-08-04T18:56:32Z logger.go:66:           + spec       = {
TestTerraformSchemaExample 2022-08-04T18:56:32Z logger.go:66:               + data = {
TestTerraformSchemaExample 2022-08-04T18:56:32Z logger.go:66:                   + configRef = "pageviews-value-config"
TestTerraformSchemaExample 2022-08-04T18:56:32Z logger.go:66:                   + format    = "avro"
TestTerraformSchemaExample 2022-08-04T18:56:32Z logger.go:66:                 }
TestTerraformSchemaExample 2022-08-04T18:56:32Z logger.go:66:             }
TestTerraformSchemaExample 2022-08-04T18:56:32Z logger.go:66:         }
TestTerraformSchemaExample 2022-08-04T18:56:32Z logger.go:66:       + object          = {
TestTerraformSchemaExample 2022-08-04T18:56:32Z logger.go:66:           + apiVersion = "platform.confluent.io/v1beta1"
TestTerraformSchemaExample 2022-08-04T18:56:32Z logger.go:66:           + kind       = "Schema"
TestTerraformSchemaExample 2022-08-04T18:56:32Z logger.go:66:           + metadata   = {
TestTerraformSchemaExample 2022-08-04T18:56:32Z logger.go:66:               + annotations                = (known after apply)
TestTerraformSchemaExample 2022-08-04T18:56:32Z logger.go:66:               + clusterName                = (known after apply)
TestTerraformSchemaExample 2022-08-04T18:56:32Z logger.go:66:               + creationTimestamp          = (known after apply)
TestTerraformSchemaExample 2022-08-04T18:56:32Z logger.go:66:               + deletionGracePeriodSeconds = (known after apply)
TestTerraformSchemaExample 2022-08-04T18:56:32Z logger.go:66:               + deletionTimestamp          = (known after apply)
TestTerraformSchemaExample 2022-08-04T18:56:32Z logger.go:66:               + finalizers                 = (known after apply)
TestTerraformSchemaExample 2022-08-04T18:56:32Z logger.go:66:               + generateName               = (known after apply)
TestTerraformSchemaExample 2022-08-04T18:56:32Z logger.go:66:               + generation                 = (known after apply)
TestTerraformSchemaExample 2022-08-04T18:56:32Z logger.go:66:               + labels                     = (known after apply)
TestTerraformSchemaExample 2022-08-04T18:56:32Z logger.go:66:               + managedFields              = (known after apply)
TestTerraformSchemaExample 2022-08-04T18:56:32Z logger.go:66:               + name                       = "pageviews-value"
TestTerraformSchemaExample 2022-08-04T18:56:32Z logger.go:66:               + namespace                  = "confluent"
TestTerraformSchemaExample 2022-08-04T18:56:32Z logger.go:66:               + ownerReferences            = (known after apply)
TestTerraformSchemaExample 2022-08-04T18:56:32Z logger.go:66:               + resourceVersion            = (known after apply)
TestTerraformSchemaExample 2022-08-04T18:56:32Z logger.go:66:               + selfLink                   = (known after apply)
TestTerraformSchemaExample 2022-08-04T18:56:32Z logger.go:66:               + uid                        = (known after apply)
TestTerraformSchemaExample 2022-08-04T18:56:32Z logger.go:66:             }
TestTerraformSchemaExample 2022-08-04T18:56:32Z logger.go:66:           + spec       = {
TestTerraformSchemaExample 2022-08-04T18:56:32Z logger.go:66:               + compatibilityLevel       = (known after apply)
TestTerraformSchemaExample 2022-08-04T18:56:32Z logger.go:66:               + data                     = {
TestTerraformSchemaExample 2022-08-04T18:56:32Z logger.go:66:                   + configRef = "pageviews-value-config"
TestTerraformSchemaExample 2022-08-04T18:56:32Z logger.go:66:                   + format    = "avro"
TestTerraformSchemaExample 2022-08-04T18:56:32Z logger.go:66:                 }
TestTerraformSchemaExample 2022-08-04T18:56:32Z logger.go:66:               + name                     = (known after apply)
TestTerraformSchemaExample 2022-08-04T18:56:32Z logger.go:66:               + schemaReferences         = (known after apply)
TestTerraformSchemaExample 2022-08-04T18:56:32Z logger.go:66:               + schemaRegistryClusterRef = {
TestTerraformSchemaExample 2022-08-04T18:56:32Z logger.go:66:                   + name      = (known after apply)
TestTerraformSchemaExample 2022-08-04T18:56:32Z logger.go:66:                   + namespace = (known after apply)
TestTerraformSchemaExample 2022-08-04T18:56:32Z logger.go:66:                 }
TestTerraformSchemaExample 2022-08-04T18:56:32Z logger.go:66:               + schemaRegistryRest       = {
TestTerraformSchemaExample 2022-08-04T18:56:32Z logger.go:66:                   + authentication = {
TestTerraformSchemaExample 2022-08-04T18:56:32Z logger.go:66:                       + basic  = {
TestTerraformSchemaExample 2022-08-04T18:56:32Z logger.go:66:                           + debug                    = (known after apply)
TestTerraformSchemaExample 2022-08-04T18:56:32Z logger.go:66:                           + directoryPathInContainer = (known after apply)
TestTerraformSchemaExample 2022-08-04T18:56:32Z logger.go:66:                           + restrictedRoles          = (known after apply)
TestTerraformSchemaExample 2022-08-04T18:56:32Z logger.go:66:                           + roles                    = (known after apply)
TestTerraformSchemaExample 2022-08-04T18:56:32Z logger.go:66:                           + secretRef                = (known after apply)
TestTerraformSchemaExample 2022-08-04T18:56:32Z logger.go:66:                         }
TestTerraformSchemaExample 2022-08-04T18:56:32Z logger.go:66:                       + bearer = {
TestTerraformSchemaExample 2022-08-04T18:56:32Z logger.go:66:                           + directoryPathInContainer = (known after apply)
TestTerraformSchemaExample 2022-08-04T18:56:32Z logger.go:66:                           + secretRef                = (known after apply)
TestTerraformSchemaExample 2022-08-04T18:56:32Z logger.go:66:                         }
TestTerraformSchemaExample 2022-08-04T18:56:32Z logger.go:66:                       + type   = (known after apply)
TestTerraformSchemaExample 2022-08-04T18:56:32Z logger.go:66:                     }
TestTerraformSchemaExample 2022-08-04T18:56:32Z logger.go:66:                   + endpoint       = (known after apply)
TestTerraformSchemaExample 2022-08-04T18:56:32Z logger.go:66:                   + kafkaClusterID = (known after apply)
TestTerraformSchemaExample 2022-08-04T18:56:32Z logger.go:66:                   + tls            = {
TestTerraformSchemaExample 2022-08-04T18:56:32Z logger.go:66:                       + directoryPathInContainer = (known after apply)
TestTerraformSchemaExample 2022-08-04T18:56:32Z logger.go:66:                       + jksPassword              = {
TestTerraformSchemaExample 2022-08-04T18:56:32Z logger.go:66:                           + secretRef = (known after apply)
TestTerraformSchemaExample 2022-08-04T18:56:32Z logger.go:66:                         }
TestTerraformSchemaExample 2022-08-04T18:56:32Z logger.go:66:                       + secretRef                = (known after apply)
TestTerraformSchemaExample 2022-08-04T18:56:32Z logger.go:66:                     }
TestTerraformSchemaExample 2022-08-04T18:56:32Z logger.go:66:                 }
TestTerraformSchemaExample 2022-08-04T18:56:32Z logger.go:66:             }
TestTerraformSchemaExample 2022-08-04T18:56:32Z logger.go:66:         }
TestTerraformSchemaExample 2022-08-04T18:56:32Z logger.go:66:
TestTerraformSchemaExample 2022-08-04T18:56:32Z logger.go:66:       + timeouts {
TestTerraformSchemaExample 2022-08-04T18:56:32Z logger.go:66:           + create = "10m"
TestTerraformSchemaExample 2022-08-04T18:56:32Z logger.go:66:           + delete = "10m"
TestTerraformSchemaExample 2022-08-04T18:56:32Z logger.go:66:           + update = "10m"
TestTerraformSchemaExample 2022-08-04T18:56:32Z logger.go:66:         }
TestTerraformSchemaExample 2022-08-04T18:56:32Z logger.go:66:
TestTerraformSchemaExample 2022-08-04T18:56:32Z logger.go:66:       + wait {
TestTerraformSchemaExample 2022-08-04T18:56:32Z logger.go:66:           + fields = {
TestTerraformSchemaExample 2022-08-04T18:56:32Z logger.go:66:               + "status.state" = "SUCCEEDED"
TestTerraformSchemaExample 2022-08-04T18:56:32Z logger.go:66:             }
TestTerraformSchemaExample 2022-08-04T18:56:32Z logger.go:66:         }
TestTerraformSchemaExample 2022-08-04T18:56:32Z logger.go:66:     }
TestTerraformSchemaExample 2022-08-04T18:56:32Z logger.go:66:
TestTerraformSchemaExample 2022-08-04T18:56:32Z logger.go:66:   # module.confluent_platform.module.confluent_operator[0].helm_release.confluent_operator[0] will be created
TestTerraformSchemaExample 2022-08-04T18:56:32Z logger.go:66:   + resource "helm_release" "confluent_operator" {
TestTerraformSchemaExample 2022-08-04T18:56:32Z logger.go:66:       + atomic                     = false
TestTerraformSchemaExample 2022-08-04T18:56:32Z logger.go:66:       + chart                      = "confluent-for-kubernetes"
TestTerraformSchemaExample 2022-08-04T18:56:32Z logger.go:66:       + cleanup_on_fail            = false
TestTerraformSchemaExample 2022-08-04T18:56:32Z logger.go:66:       + create_namespace           = false
TestTerraformSchemaExample 2022-08-04T18:56:32Z logger.go:66:       + dependency_update          = false
TestTerraformSchemaExample 2022-08-04T18:56:32Z logger.go:66:       + disable_crd_hooks          = false
TestTerraformSchemaExample 2022-08-04T18:56:32Z logger.go:66:       + disable_openapi_validation = false
TestTerraformSchemaExample 2022-08-04T18:56:32Z logger.go:66:       + disable_webhooks           = false
TestTerraformSchemaExample 2022-08-04T18:56:32Z logger.go:66:       + force_update               = false
TestTerraformSchemaExample 2022-08-04T18:56:32Z logger.go:66:       + id                         = (known after apply)
TestTerraformSchemaExample 2022-08-04T18:56:32Z logger.go:66:       + lint                       = false
TestTerraformSchemaExample 2022-08-04T18:56:32Z logger.go:66:       + manifest                   = (known after apply)
TestTerraformSchemaExample 2022-08-04T18:56:32Z logger.go:66:       + max_history                = 0
TestTerraformSchemaExample 2022-08-04T18:56:32Z logger.go:66:       + metadata                   = (known after apply)
TestTerraformSchemaExample 2022-08-04T18:56:32Z logger.go:66:       + name                       = "confluent-operator"
TestTerraformSchemaExample 2022-08-04T18:56:32Z logger.go:66:       + namespace                  = "confluent"
TestTerraformSchemaExample 2022-08-04T18:56:32Z logger.go:66:       + pass_credentials           = false
TestTerraformSchemaExample 2022-08-04T18:56:32Z logger.go:66:       + recreate_pods              = false
TestTerraformSchemaExample 2022-08-04T18:56:32Z logger.go:66:       + render_subchart_notes      = true
TestTerraformSchemaExample 2022-08-04T18:56:32Z logger.go:66:       + replace                    = false
TestTerraformSchemaExample 2022-08-04T18:56:32Z logger.go:66:       + repository                 = "https://packages.confluent.io/helm"
TestTerraformSchemaExample 2022-08-04T18:56:32Z logger.go:66:       + reset_values               = false
TestTerraformSchemaExample 2022-08-04T18:56:32Z logger.go:66:       + reuse_values               = false
TestTerraformSchemaExample 2022-08-04T18:56:32Z logger.go:66:       + skip_crds                  = false
TestTerraformSchemaExample 2022-08-04T18:56:32Z logger.go:66:       + status                     = "deployed"
TestTerraformSchemaExample 2022-08-04T18:56:32Z logger.go:66:       + timeout                    = 300
TestTerraformSchemaExample 2022-08-04T18:56:32Z logger.go:66:       + values                     = []
TestTerraformSchemaExample 2022-08-04T18:56:32Z logger.go:66:       + verify                     = false
TestTerraformSchemaExample 2022-08-04T18:56:32Z logger.go:66:       + version                    = "0.517.23"
TestTerraformSchemaExample 2022-08-04T18:56:32Z logger.go:66:       + wait                       = true
TestTerraformSchemaExample 2022-08-04T18:56:32Z logger.go:66:       + wait_for_jobs              = true
TestTerraformSchemaExample 2022-08-04T18:56:32Z logger.go:66:     }
TestTerraformSchemaExample 2022-08-04T18:56:32Z logger.go:66:
TestTerraformSchemaExample 2022-08-04T18:56:32Z logger.go:66:   # module.confluent_platform.module.confluent_operator[0].kubernetes_namespace_v1.namespace[0] will be created
TestTerraformSchemaExample 2022-08-04T18:56:32Z logger.go:66:   + resource "kubernetes_namespace_v1" "namespace" {
TestTerraformSchemaExample 2022-08-04T18:56:32Z logger.go:66:       + id = (known after apply)
TestTerraformSchemaExample 2022-08-04T18:56:32Z logger.go:66:
TestTerraformSchemaExample 2022-08-04T18:56:32Z logger.go:66:       + metadata {
TestTerraformSchemaExample 2022-08-04T18:56:32Z logger.go:66:           + generation       = (known after apply)
TestTerraformSchemaExample 2022-08-04T18:56:32Z logger.go:66:           + name             = "confluent"
TestTerraformSchemaExample 2022-08-04T18:56:32Z logger.go:66:           + resource_version = (known after apply)
TestTerraformSchemaExample 2022-08-04T18:56:32Z logger.go:66:           + uid              = (known after apply)
TestTerraformSchemaExample 2022-08-04T18:56:32Z logger.go:66:         }
TestTerraformSchemaExample 2022-08-04T18:56:32Z logger.go:66:     }
TestTerraformSchemaExample 2022-08-04T18:56:32Z logger.go:66:
TestTerraformSchemaExample 2022-08-04T18:56:32Z logger.go:66:   # module.confluent_platform.module.connectors["pageviews-avro-datagen"].data.kubernetes_resource.connector will be read during apply
TestTerraformSchemaExample 2022-08-04T18:56:32Z logger.go:66:   # (depends on a resource or a module with changes pending)
TestTerraformSchemaExample 2022-08-04T18:56:32Z logger.go:66:  <= data "kubernetes_resource" "connector" {
TestTerraformSchemaExample 2022-08-04T18:56:32Z logger.go:66:       + api_version = "platform.confluent.io/v1beta1"
TestTerraformSchemaExample 2022-08-04T18:56:32Z logger.go:66:       + kind        = "Connector"
TestTerraformSchemaExample 2022-08-04T18:56:32Z logger.go:66:       + object      = (known after apply)
TestTerraformSchemaExample 2022-08-04T18:56:32Z logger.go:66:
TestTerraformSchemaExample 2022-08-04T18:56:32Z logger.go:66:       + metadata {
TestTerraformSchemaExample 2022-08-04T18:56:32Z logger.go:66:           + name      = "pageviews-avro-datagen"
TestTerraformSchemaExample 2022-08-04T18:56:32Z logger.go:66:           + namespace = "confluent"
TestTerraformSchemaExample 2022-08-04T18:56:32Z logger.go:66:         }
TestTerraformSchemaExample 2022-08-04T18:56:32Z logger.go:66:     }
TestTerraformSchemaExample 2022-08-04T18:56:32Z logger.go:66:
TestTerraformSchemaExample 2022-08-04T18:56:32Z logger.go:66:   # module.confluent_platform.module.connectors["pageviews-avro-datagen"].kubernetes_manifest.connector will be created
TestTerraformSchemaExample 2022-08-04T18:56:32Z logger.go:66:   + resource "kubernetes_manifest" "connector" {
TestTerraformSchemaExample 2022-08-04T18:56:32Z logger.go:66:       + computed_fields = [
TestTerraformSchemaExample 2022-08-04T18:56:32Z logger.go:66:           + "metadata.finalizers",
TestTerraformSchemaExample 2022-08-04T18:56:32Z logger.go:66:         ]
TestTerraformSchemaExample 2022-08-04T18:56:32Z logger.go:66:       + manifest        = {
TestTerraformSchemaExample 2022-08-04T18:56:32Z logger.go:66:           + apiVersion = "platform.confluent.io/v1beta1"
TestTerraformSchemaExample 2022-08-04T18:56:32Z logger.go:66:           + kind       = "Connector"
TestTerraformSchemaExample 2022-08-04T18:56:32Z logger.go:66:           + metadata   = {
TestTerraformSchemaExample 2022-08-04T18:56:32Z logger.go:66:               + name      = "pageviews-avro-datagen"
TestTerraformSchemaExample 2022-08-04T18:56:32Z logger.go:66:               + namespace = "confluent"
TestTerraformSchemaExample 2022-08-04T18:56:32Z logger.go:66:             }
TestTerraformSchemaExample 2022-08-04T18:56:32Z logger.go:66:           + spec       = {
TestTerraformSchemaExample 2022-08-04T18:56:32Z logger.go:66:               + class             = "io.confluent.kafka.connect.datagen.DatagenConnector"
TestTerraformSchemaExample 2022-08-04T18:56:32Z logger.go:66:               + configs           = {
TestTerraformSchemaExample 2022-08-04T18:56:32Z logger.go:66:                   + iterations                            = "10000000"
TestTerraformSchemaExample 2022-08-04T18:56:32Z logger.go:66:                   + "kafka.topic"                         = "pageviews"
TestTerraformSchemaExample 2022-08-04T18:56:32Z logger.go:66:                   + "key.converter"                       = "org.apache.kafka.connect.storage.StringConverter"
TestTerraformSchemaExample 2022-08-04T18:56:32Z logger.go:66:                   + "max.interval"                        = "100"
TestTerraformSchemaExample 2022-08-04T18:56:32Z logger.go:66:                   + quickstart                            = "pageviews"
TestTerraformSchemaExample 2022-08-04T18:56:32Z logger.go:66:                   + "value.converter"                     = "io.confluent.connect.avro.AvroConverter"
TestTerraformSchemaExample 2022-08-04T18:56:32Z logger.go:66:                   + "value.converter.schema.registry.url" = "http://schemaregistry.confluent.svc.cluster.local:8081"
TestTerraformSchemaExample 2022-08-04T18:56:32Z logger.go:66:                   + "value.converter.schemas.enable"      = "true"
TestTerraformSchemaExample 2022-08-04T18:56:32Z logger.go:66:                 }
TestTerraformSchemaExample 2022-08-04T18:56:32Z logger.go:66:               + connectClusterRef = {
TestTerraformSchemaExample 2022-08-04T18:56:32Z logger.go:66:                   + name = "connect"
TestTerraformSchemaExample 2022-08-04T18:56:32Z logger.go:66:                 }
TestTerraformSchemaExample 2022-08-04T18:56:32Z logger.go:66:               + taskMax           = 1
TestTerraformSchemaExample 2022-08-04T18:56:32Z logger.go:66:             }
TestTerraformSchemaExample 2022-08-04T18:56:32Z logger.go:66:         }
TestTerraformSchemaExample 2022-08-04T18:56:32Z logger.go:66:       + object          = {
TestTerraformSchemaExample 2022-08-04T18:56:32Z logger.go:66:           + apiVersion = "platform.confluent.io/v1beta1"
TestTerraformSchemaExample 2022-08-04T18:56:32Z logger.go:66:           + kind       = "Connector"
TestTerraformSchemaExample 2022-08-04T18:56:32Z logger.go:66:           + metadata   = {
TestTerraformSchemaExample 2022-08-04T18:56:32Z logger.go:66:               + annotations                = (known after apply)
TestTerraformSchemaExample 2022-08-04T18:56:32Z logger.go:66:               + clusterName                = (known after apply)
TestTerraformSchemaExample 2022-08-04T18:56:32Z logger.go:66:               + creationTimestamp          = (known after apply)
TestTerraformSchemaExample 2022-08-04T18:56:32Z logger.go:66:               + deletionGracePeriodSeconds = (known after apply)
TestTerraformSchemaExample 2022-08-04T18:56:32Z logger.go:66:               + deletionTimestamp          = (known after apply)
TestTerraformSchemaExample 2022-08-04T18:56:32Z logger.go:66:               + finalizers                 = (known after apply)
TestTerraformSchemaExample 2022-08-04T18:56:32Z logger.go:66:               + generateName               = (known after apply)
TestTerraformSchemaExample 2022-08-04T18:56:32Z logger.go:66:               + generation                 = (known after apply)
TestTerraformSchemaExample 2022-08-04T18:56:32Z logger.go:66:               + labels                     = (known after apply)
TestTerraformSchemaExample 2022-08-04T18:56:32Z logger.go:66:               + managedFields              = (known after apply)
TestTerraformSchemaExample 2022-08-04T18:56:32Z logger.go:66:               + name                       = "pageviews-avro-datagen"
TestTerraformSchemaExample 2022-08-04T18:56:32Z logger.go:66:               + namespace                  = "confluent"
TestTerraformSchemaExample 2022-08-04T18:56:32Z logger.go:66:               + ownerReferences            = (known after apply)
TestTerraformSchemaExample 2022-08-04T18:56:32Z logger.go:66:               + resourceVersion            = (known after apply)
TestTerraformSchemaExample 2022-08-04T18:56:32Z logger.go:66:               + selfLink                   = (known after apply)
TestTerraformSchemaExample 2022-08-04T18:56:32Z logger.go:66:               + uid                        = (known after apply)
TestTerraformSchemaExample 2022-08-04T18:56:32Z logger.go:66:             }
TestTerraformSchemaExample 2022-08-04T18:56:32Z logger.go:66:           + spec       = {
TestTerraformSchemaExample 2022-08-04T18:56:32Z logger.go:66:               + class             = "io.confluent.kafka.connect.datagen.DatagenConnector"
TestTerraformSchemaExample 2022-08-04T18:56:32Z logger.go:66:               + configs           = {
TestTerraformSchemaExample 2022-08-04T18:56:32Z logger.go:66:                   + "iterations"                          = "10000000"
TestTerraformSchemaExample 2022-08-04T18:56:32Z logger.go:66:                   + "kafka.topic"                         = "pageviews"
TestTerraformSchemaExample 2022-08-04T18:56:32Z logger.go:66:                   + "key.converter"                       = "org.apache.kafka.connect.storage.StringConverter"
TestTerraformSchemaExample 2022-08-04T18:56:32Z logger.go:66:                   + "max.interval"                        = "100"
TestTerraformSchemaExample 2022-08-04T18:56:32Z logger.go:66:                   + "quickstart"                          = "pageviews"
TestTerraformSchemaExample 2022-08-04T18:56:32Z logger.go:66:                   + "value.converter"                     = "io.confluent.connect.avro.AvroConverter"
TestTerraformSchemaExample 2022-08-04T18:56:32Z logger.go:66:                   + "value.converter.schema.registry.url" = "http://schemaregistry.confluent.svc.cluster.local:8081"
TestTerraformSchemaExample 2022-08-04T18:56:32Z logger.go:66:                   + "value.converter.schemas.enable"      = "true"
TestTerraformSchemaExample 2022-08-04T18:56:32Z logger.go:66:                 }
TestTerraformSchemaExample 2022-08-04T18:56:32Z logger.go:66:               + connectClusterRef = {
TestTerraformSchemaExample 2022-08-04T18:56:32Z logger.go:66:                   + name      = "connect"
TestTerraformSchemaExample 2022-08-04T18:56:32Z logger.go:66:                   + namespace = (known after apply)
TestTerraformSchemaExample 2022-08-04T18:56:32Z logger.go:66:                 }
TestTerraformSchemaExample 2022-08-04T18:56:32Z logger.go:66:               + connectRest       = {
TestTerraformSchemaExample 2022-08-04T18:56:32Z logger.go:66:                   + authentication = {
TestTerraformSchemaExample 2022-08-04T18:56:32Z logger.go:66:                       + basic  = {
TestTerraformSchemaExample 2022-08-04T18:56:32Z logger.go:66:                           + debug                    = (known after apply)
TestTerraformSchemaExample 2022-08-04T18:56:32Z logger.go:66:                           + directoryPathInContainer = (known after apply)
TestTerraformSchemaExample 2022-08-04T18:56:32Z logger.go:66:                           + restrictedRoles          = (known after apply)
TestTerraformSchemaExample 2022-08-04T18:56:32Z logger.go:66:                           + roles                    = (known after apply)
TestTerraformSchemaExample 2022-08-04T18:56:32Z logger.go:66:                           + secretRef                = (known after apply)
TestTerraformSchemaExample 2022-08-04T18:56:32Z logger.go:66:                         }
TestTerraformSchemaExample 2022-08-04T18:56:32Z logger.go:66:                       + bearer = {
TestTerraformSchemaExample 2022-08-04T18:56:32Z logger.go:66:                           + directoryPathInContainer = (known after apply)
TestTerraformSchemaExample 2022-08-04T18:56:32Z logger.go:66:                           + secretRef                = (known after apply)
TestTerraformSchemaExample 2022-08-04T18:56:32Z logger.go:66:                         }
TestTerraformSchemaExample 2022-08-04T18:56:32Z logger.go:66:                       + type   = (known after apply)
TestTerraformSchemaExample 2022-08-04T18:56:32Z logger.go:66:                     }
TestTerraformSchemaExample 2022-08-04T18:56:32Z logger.go:66:                   + endpoint       = (known after apply)
TestTerraformSchemaExample 2022-08-04T18:56:32Z logger.go:66:                   + kafkaClusterID = (known after apply)
TestTerraformSchemaExample 2022-08-04T18:56:32Z logger.go:66:                   + tls            = {
TestTerraformSchemaExample 2022-08-04T18:56:32Z logger.go:66:                       + directoryPathInContainer = (known after apply)
TestTerraformSchemaExample 2022-08-04T18:56:32Z logger.go:66:                       + jksPassword              = {
TestTerraformSchemaExample 2022-08-04T18:56:32Z logger.go:66:                           + secretRef = (known after apply)
TestTerraformSchemaExample 2022-08-04T18:56:32Z logger.go:66:                         }
TestTerraformSchemaExample 2022-08-04T18:56:32Z logger.go:66:                       + secretRef                = (known after apply)
TestTerraformSchemaExample 2022-08-04T18:56:32Z logger.go:66:                     }
TestTerraformSchemaExample 2022-08-04T18:56:32Z logger.go:66:                 }
TestTerraformSchemaExample 2022-08-04T18:56:32Z logger.go:66:               + name              = (known after apply)
TestTerraformSchemaExample 2022-08-04T18:56:32Z logger.go:66:               + restartPolicy     = {
TestTerraformSchemaExample 2022-08-04T18:56:32Z logger.go:66:                   + maxRetry = (known after apply)
TestTerraformSchemaExample 2022-08-04T18:56:32Z logger.go:66:                   + type     = (known after apply)
TestTerraformSchemaExample 2022-08-04T18:56:32Z logger.go:66:                 }
TestTerraformSchemaExample 2022-08-04T18:56:32Z logger.go:66:               + taskMax           = 1
TestTerraformSchemaExample 2022-08-04T18:56:32Z logger.go:66:             }
TestTerraformSchemaExample 2022-08-04T18:56:32Z logger.go:66:         }
TestTerraformSchemaExample 2022-08-04T18:56:32Z logger.go:66:
TestTerraformSchemaExample 2022-08-04T18:56:32Z logger.go:66:       + timeouts {
TestTerraformSchemaExample 2022-08-04T18:56:32Z logger.go:66:           + create = "10m"
TestTerraformSchemaExample 2022-08-04T18:56:32Z logger.go:66:           + delete = "10m"
TestTerraformSchemaExample 2022-08-04T18:56:32Z logger.go:66:           + update = "10m"
TestTerraformSchemaExample 2022-08-04T18:56:32Z logger.go:66:         }
TestTerraformSchemaExample 2022-08-04T18:56:32Z logger.go:66:
TestTerraformSchemaExample 2022-08-04T18:56:32Z logger.go:66:       + wait {
TestTerraformSchemaExample 2022-08-04T18:56:32Z logger.go:66:           + fields = {
TestTerraformSchemaExample 2022-08-04T18:56:32Z logger.go:66:               + "status.state" = "CREATED"
TestTerraformSchemaExample 2022-08-04T18:56:32Z logger.go:66:             }
TestTerraformSchemaExample 2022-08-04T18:56:32Z logger.go:66:         }
TestTerraformSchemaExample 2022-08-04T18:56:32Z logger.go:66:     }
TestTerraformSchemaExample 2022-08-04T18:56:32Z logger.go:66:
TestTerraformSchemaExample 2022-08-04T18:56:32Z logger.go:66:   # module.confluent_platform.module.kafka_topics["pageviews"].data.kubernetes_resource.topic will be read during apply
TestTerraformSchemaExample 2022-08-04T18:56:32Z logger.go:66:   # (depends on a resource or a module with changes pending)
TestTerraformSchemaExample 2022-08-04T18:56:32Z logger.go:66:  <= data "kubernetes_resource" "topic" {
TestTerraformSchemaExample 2022-08-04T18:56:32Z logger.go:66:       + api_version = "platform.confluent.io/v1beta1"
TestTerraformSchemaExample 2022-08-04T18:56:32Z logger.go:66:       + kind        = "KafkaTopic"
TestTerraformSchemaExample 2022-08-04T18:56:32Z logger.go:66:       + object      = (known after apply)
TestTerraformSchemaExample 2022-08-04T18:56:32Z logger.go:66:
TestTerraformSchemaExample 2022-08-04T18:56:32Z logger.go:66:       + metadata {
TestTerraformSchemaExample 2022-08-04T18:56:32Z logger.go:66:           + name      = "pageviews"
TestTerraformSchemaExample 2022-08-04T18:56:32Z logger.go:66:           + namespace = "confluent"
TestTerraformSchemaExample 2022-08-04T18:56:32Z logger.go:66:         }
TestTerraformSchemaExample 2022-08-04T18:56:32Z logger.go:66:     }
TestTerraformSchemaExample 2022-08-04T18:56:32Z logger.go:66:
TestTerraformSchemaExample 2022-08-04T18:56:32Z logger.go:66:   # module.confluent_platform.module.kafka_topics["pageviews"].kubernetes_manifest.topic will be created
TestTerraformSchemaExample 2022-08-04T18:56:32Z logger.go:66:   + resource "kubernetes_manifest" "topic" {
TestTerraformSchemaExample 2022-08-04T18:56:32Z logger.go:66:       + computed_fields = [
TestTerraformSchemaExample 2022-08-04T18:56:32Z logger.go:66:           + "metadata.finalizers",
TestTerraformSchemaExample 2022-08-04T18:56:32Z logger.go:66:         ]
TestTerraformSchemaExample 2022-08-04T18:56:32Z logger.go:66:       + manifest        = {
TestTerraformSchemaExample 2022-08-04T18:56:32Z logger.go:66:           + apiVersion = "platform.confluent.io/v1beta1"
TestTerraformSchemaExample 2022-08-04T18:56:32Z logger.go:66:           + kind       = "KafkaTopic"
TestTerraformSchemaExample 2022-08-04T18:56:32Z logger.go:66:           + metadata   = {
TestTerraformSchemaExample 2022-08-04T18:56:32Z logger.go:66:               + name      = "pageviews"
TestTerraformSchemaExample 2022-08-04T18:56:32Z logger.go:66:               + namespace = "confluent"
TestTerraformSchemaExample 2022-08-04T18:56:32Z logger.go:66:             }
TestTerraformSchemaExample 2022-08-04T18:56:32Z logger.go:66:           + spec       = {
TestTerraformSchemaExample 2022-08-04T18:56:32Z logger.go:66:               + configs        = {
TestTerraformSchemaExample 2022-08-04T18:56:32Z logger.go:66:                   + "cleanup.policy" = "delete"
TestTerraformSchemaExample 2022-08-04T18:56:32Z logger.go:66:                 }
TestTerraformSchemaExample 2022-08-04T18:56:32Z logger.go:66:               + partitionCount = 3
TestTerraformSchemaExample 2022-08-04T18:56:32Z logger.go:66:               + replicas       = 3
TestTerraformSchemaExample 2022-08-04T18:56:32Z logger.go:66:             }
TestTerraformSchemaExample 2022-08-04T18:56:32Z logger.go:66:         }
TestTerraformSchemaExample 2022-08-04T18:56:32Z logger.go:66:       + object          = {
TestTerraformSchemaExample 2022-08-04T18:56:32Z logger.go:66:           + apiVersion = "platform.confluent.io/v1beta1"
TestTerraformSchemaExample 2022-08-04T18:56:32Z logger.go:66:           + kind       = "KafkaTopic"
TestTerraformSchemaExample 2022-08-04T18:56:32Z logger.go:66:           + metadata   = {
TestTerraformSchemaExample 2022-08-04T18:56:32Z logger.go:66:               + annotations                = (known after apply)
TestTerraformSchemaExample 2022-08-04T18:56:32Z logger.go:66:               + clusterName                = (known after apply)
TestTerraformSchemaExample 2022-08-04T18:56:32Z logger.go:66:               + creationTimestamp          = (known after apply)
TestTerraformSchemaExample 2022-08-04T18:56:32Z logger.go:66:               + deletionGracePeriodSeconds = (known after apply)
TestTerraformSchemaExample 2022-08-04T18:56:32Z logger.go:66:               + deletionTimestamp          = (known after apply)
TestTerraformSchemaExample 2022-08-04T18:56:32Z logger.go:66:               + finalizers                 = (known after apply)
TestTerraformSchemaExample 2022-08-04T18:56:32Z logger.go:66:               + generateName               = (known after apply)
TestTerraformSchemaExample 2022-08-04T18:56:32Z logger.go:66:               + generation                 = (known after apply)
TestTerraformSchemaExample 2022-08-04T18:56:32Z logger.go:66:               + labels                     = (known after apply)
TestTerraformSchemaExample 2022-08-04T18:56:32Z logger.go:66:               + managedFields              = (known after apply)
TestTerraformSchemaExample 2022-08-04T18:56:32Z logger.go:66:               + name                       = "pageviews"
TestTerraformSchemaExample 2022-08-04T18:56:32Z logger.go:66:               + namespace                  = "confluent"
TestTerraformSchemaExample 2022-08-04T18:56:32Z logger.go:66:               + ownerReferences            = (known after apply)
TestTerraformSchemaExample 2022-08-04T18:56:32Z logger.go:66:               + resourceVersion            = (known after apply)
TestTerraformSchemaExample 2022-08-04T18:56:32Z logger.go:66:               + selfLink                   = (known after apply)
TestTerraformSchemaExample 2022-08-04T18:56:32Z logger.go:66:               + uid                        = (known after apply)
TestTerraformSchemaExample 2022-08-04T18:56:32Z logger.go:66:             }
TestTerraformSchemaExample 2022-08-04T18:56:32Z logger.go:66:           + spec       = {
TestTerraformSchemaExample 2022-08-04T18:56:32Z logger.go:66:               + configs           = {
TestTerraformSchemaExample 2022-08-04T18:56:32Z logger.go:66:                   + "cleanup.policy" = "delete"
TestTerraformSchemaExample 2022-08-04T18:56:32Z logger.go:66:                 }
TestTerraformSchemaExample 2022-08-04T18:56:32Z logger.go:66:               + kafkaClusterRef   = {
TestTerraformSchemaExample 2022-08-04T18:56:32Z logger.go:66:                   + name      = (known after apply)
TestTerraformSchemaExample 2022-08-04T18:56:32Z logger.go:66:                   + namespace = (known after apply)
TestTerraformSchemaExample 2022-08-04T18:56:32Z logger.go:66:                 }
TestTerraformSchemaExample 2022-08-04T18:56:32Z logger.go:66:               + kafkaRest         = {
TestTerraformSchemaExample 2022-08-04T18:56:32Z logger.go:66:                   + authentication = {
TestTerraformSchemaExample 2022-08-04T18:56:32Z logger.go:66:                       + basic  = {
TestTerraformSchemaExample 2022-08-04T18:56:32Z logger.go:66:                           + debug                    = (known after apply)
TestTerraformSchemaExample 2022-08-04T18:56:32Z logger.go:66:                           + directoryPathInContainer = (known after apply)
TestTerraformSchemaExample 2022-08-04T18:56:32Z logger.go:66:                           + restrictedRoles          = (known after apply)
TestTerraformSchemaExample 2022-08-04T18:56:32Z logger.go:66:                           + roles                    = (known after apply)
TestTerraformSchemaExample 2022-08-04T18:56:32Z logger.go:66:                           + secretRef                = (known after apply)
TestTerraformSchemaExample 2022-08-04T18:56:32Z logger.go:66:                         }
TestTerraformSchemaExample 2022-08-04T18:56:32Z logger.go:66:                       + bearer = {
TestTerraformSchemaExample 2022-08-04T18:56:32Z logger.go:66:                           + directoryPathInContainer = (known after apply)
TestTerraformSchemaExample 2022-08-04T18:56:32Z logger.go:66:                           + secretRef                = (known after apply)
TestTerraformSchemaExample 2022-08-04T18:56:32Z logger.go:66:                         }
TestTerraformSchemaExample 2022-08-04T18:56:32Z logger.go:66:                       + type   = (known after apply)
TestTerraformSchemaExample 2022-08-04T18:56:32Z logger.go:66:                     }
TestTerraformSchemaExample 2022-08-04T18:56:32Z logger.go:66:                   + endpoint       = (known after apply)
TestTerraformSchemaExample 2022-08-04T18:56:32Z logger.go:66:                   + kafkaClusterID = (known after apply)
TestTerraformSchemaExample 2022-08-04T18:56:32Z logger.go:66:                   + tls            = {
TestTerraformSchemaExample 2022-08-04T18:56:32Z logger.go:66:                       + directoryPathInContainer = (known after apply)
TestTerraformSchemaExample 2022-08-04T18:56:32Z logger.go:66:                       + jksPassword              = {
TestTerraformSchemaExample 2022-08-04T18:56:32Z logger.go:66:                           + secretRef = (known after apply)
TestTerraformSchemaExample 2022-08-04T18:56:32Z logger.go:66:                         }
TestTerraformSchemaExample 2022-08-04T18:56:32Z logger.go:66:                       + secretRef                = (known after apply)
TestTerraformSchemaExample 2022-08-04T18:56:32Z logger.go:66:                     }
TestTerraformSchemaExample 2022-08-04T18:56:32Z logger.go:66:                 }
TestTerraformSchemaExample 2022-08-04T18:56:32Z logger.go:66:               + kafkaRestClassRef = {
TestTerraformSchemaExample 2022-08-04T18:56:32Z logger.go:66:                   + name      = (known after apply)
TestTerraformSchemaExample 2022-08-04T18:56:32Z logger.go:66:                   + namespace = (known after apply)
TestTerraformSchemaExample 2022-08-04T18:56:32Z logger.go:66:                 }
TestTerraformSchemaExample 2022-08-04T18:56:32Z logger.go:66:               + name              = (known after apply)
TestTerraformSchemaExample 2022-08-04T18:56:32Z logger.go:66:               + partitionCount    = 3
TestTerraformSchemaExample 2022-08-04T18:56:32Z logger.go:66:               + replicas          = 3
TestTerraformSchemaExample 2022-08-04T18:56:32Z logger.go:66:             }
TestTerraformSchemaExample 2022-08-04T18:56:32Z logger.go:66:         }
TestTerraformSchemaExample 2022-08-04T18:56:32Z logger.go:66:
TestTerraformSchemaExample 2022-08-04T18:56:32Z logger.go:66:       + timeouts {
TestTerraformSchemaExample 2022-08-04T18:56:32Z logger.go:66:           + create = "10m"
TestTerraformSchemaExample 2022-08-04T18:56:32Z logger.go:66:           + delete = "10m"
TestTerraformSchemaExample 2022-08-04T18:56:32Z logger.go:66:           + update = "10m"
TestTerraformSchemaExample 2022-08-04T18:56:32Z logger.go:66:         }
TestTerraformSchemaExample 2022-08-04T18:56:32Z logger.go:66:
TestTerraformSchemaExample 2022-08-04T18:56:32Z logger.go:66:       + wait {
TestTerraformSchemaExample 2022-08-04T18:56:32Z logger.go:66:           + fields = {
TestTerraformSchemaExample 2022-08-04T18:56:32Z logger.go:66:               + "status.state" = "CREATED"
TestTerraformSchemaExample 2022-08-04T18:56:32Z logger.go:66:             }
TestTerraformSchemaExample 2022-08-04T18:56:32Z logger.go:66:         }
TestTerraformSchemaExample 2022-08-04T18:56:32Z logger.go:66:     }
TestTerraformSchemaExample 2022-08-04T18:56:32Z logger.go:66:
TestTerraformSchemaExample 2022-08-04T18:56:32Z logger.go:66: Plan: 10 to add, 0 to change, 0 to destroy.
TestTerraformSchemaExample 2022-08-04T18:56:32Z logger.go:66:
TestTerraformSchemaExample 2022-08-04T18:56:32Z logger.go:66: Changes to Outputs:
TestTerraformSchemaExample 2022-08-04T18:56:32Z logger.go:66:   + schema_config_map_data = jsonencode(
TestTerraformSchemaExample 2022-08-04T18:56:32Z logger.go:66:         {
TestTerraformSchemaExample 2022-08-04T18:56:32Z logger.go:66:           + schema = jsonencode(
TestTerraformSchemaExample 2022-08-04T18:56:32Z logger.go:66:                 {
TestTerraformSchemaExample 2022-08-04T18:56:32Z logger.go:66:                   + "connect.name" = "ksql.pageviews"
TestTerraformSchemaExample 2022-08-04T18:56:32Z logger.go:66:                   + fields         = [
TestTerraformSchemaExample 2022-08-04T18:56:32Z logger.go:66:                       + {
TestTerraformSchemaExample 2022-08-04T18:56:32Z logger.go:66:                           + name = "viewtime"
TestTerraformSchemaExample 2022-08-04T18:56:32Z logger.go:66:                           + type = "long"
TestTerraformSchemaExample 2022-08-04T18:56:32Z logger.go:66:                         },
TestTerraformSchemaExample 2022-08-04T18:56:32Z logger.go:66:                       + {
TestTerraformSchemaExample 2022-08-04T18:56:32Z logger.go:66:                           + name = "userid"
TestTerraformSchemaExample 2022-08-04T18:56:32Z logger.go:66:                           + type = "string"
TestTerraformSchemaExample 2022-08-04T18:56:32Z logger.go:66:                         },
TestTerraformSchemaExample 2022-08-04T18:56:32Z logger.go:66:                       + {
TestTerraformSchemaExample 2022-08-04T18:56:32Z logger.go:66:                           + name = "pageid"
TestTerraformSchemaExample 2022-08-04T18:56:32Z logger.go:66:                           + type = "string"
TestTerraformSchemaExample 2022-08-04T18:56:32Z logger.go:66:                         },
TestTerraformSchemaExample 2022-08-04T18:56:32Z logger.go:66:                     ]
TestTerraformSchemaExample 2022-08-04T18:56:32Z logger.go:66:                   + name           = "pageviews"
TestTerraformSchemaExample 2022-08-04T18:56:32Z logger.go:66:                   + namespace      = "ksql"
TestTerraformSchemaExample 2022-08-04T18:56:32Z logger.go:66:                   + type           = "record"
TestTerraformSchemaExample 2022-08-04T18:56:32Z logger.go:66:                 }
TestTerraformSchemaExample 2022-08-04T18:56:32Z logger.go:66:             )
TestTerraformSchemaExample 2022-08-04T18:56:32Z logger.go:66:         }
TestTerraformSchemaExample 2022-08-04T18:56:32Z logger.go:66:     )
TestTerraformSchemaExample 2022-08-04T18:56:32Z logger.go:66:   + schema_object_spec     = (known after apply)
TestTerraformSchemaExample 2022-08-04T18:56:33Z logger.go:66: module.schema.kubernetes_config_map_v1.schema_config: Creating...
TestTerraformSchemaExample 2022-08-04T18:56:33Z logger.go:66: module.confluent_platform.module.confluent_operator[0].kubernetes_namespace_v1.namespace[0]: Creating...
TestTerraformSchemaExample 2022-08-04T18:56:33Z logger.go:66: module.confluent_platform.module.confluent_operator[0].kubernetes_namespace_v1.namespace[0]: Creation complete after 0s [id=confluent]
TestTerraformSchemaExample 2022-08-04T18:56:33Z logger.go:66: module.schema.kubernetes_config_map_v1.schema_config: Creation complete after 0s [id=confluent/pageviews-value-config]
TestTerraformSchemaExample 2022-08-04T18:56:34Z logger.go:66: module.confluent_platform.module.confluent_operator[0].helm_release.confluent_operator[0]: Creating...
TestTerraformSchemaExample 2022-08-04T18:56:36Z logger.go:66: module.schema.kubernetes_manifest.schema: Creating...
TestTerraformSchemaExample 2022-08-04T18:56:44Z logger.go:66: module.confluent_platform.module.confluent_operator[0].helm_release.confluent_operator[0]: Creation complete after 9s [id=confluent-operator]
TestTerraformSchemaExample 2022-08-04T18:56:46Z logger.go:66: module.schema.kubernetes_manifest.schema: Still creating... [10s elapsed]
TestTerraformSchemaExample 2022-08-04T18:56:46Z logger.go:66: module.confluent_platform.kubernetes_manifest.components["schemaregistry"]: Creating...
TestTerraformSchemaExample 2022-08-04T18:56:46Z logger.go:66: module.confluent_platform.kubernetes_manifest.components["zookeeper"]: Creating...
TestTerraformSchemaExample 2022-08-04T18:56:46Z logger.go:66: module.confluent_platform.kubernetes_manifest.components["connect"]: Creating...
TestTerraformSchemaExample 2022-08-04T18:56:47Z logger.go:66: module.confluent_platform.kubernetes_manifest.components["kafka"]: Creating...
TestTerraformSchemaExample 2022-08-04T18:56:56Z logger.go:66: module.schema.kubernetes_manifest.schema: Still creating... [20s elapsed]
TestTerraformSchemaExample 2022-08-04T18:56:56Z logger.go:66: module.confluent_platform.kubernetes_manifest.components["schemaregistry"]: Still creating... [10s elapsed]
TestTerraformSchemaExample 2022-08-04T18:56:56Z logger.go:66: module.confluent_platform.kubernetes_manifest.components["zookeeper"]: Still creating... [10s elapsed]
TestTerraformSchemaExample 2022-08-04T18:56:56Z logger.go:66: module.confluent_platform.kubernetes_manifest.components["connect"]: Still creating... [10s elapsed]
TestTerraformSchemaExample 2022-08-04T18:56:57Z logger.go:66: module.confluent_platform.kubernetes_manifest.components["kafka"]: Still creating... [10s elapsed]
TestTerraformSchemaExample 2022-08-04T18:57:06Z logger.go:66: module.schema.kubernetes_manifest.schema: Still creating... [30s elapsed]
TestTerraformSchemaExample 2022-08-04T18:57:06Z logger.go:66: module.confluent_platform.kubernetes_manifest.components["schemaregistry"]: Still creating... [20s elapsed]
TestTerraformSchemaExample 2022-08-04T18:57:06Z logger.go:66: module.confluent_platform.kubernetes_manifest.components["zookeeper"]: Still creating... [20s elapsed]
TestTerraformSchemaExample 2022-08-04T18:57:06Z logger.go:66: module.confluent_platform.kubernetes_manifest.components["connect"]: Still creating... [20s elapsed]
TestTerraformSchemaExample 2022-08-04T18:57:07Z logger.go:66: module.confluent_platform.kubernetes_manifest.components["kafka"]: Still creating... [20s elapsed]
TestTerraformSchemaExample 2022-08-04T18:57:16Z logger.go:66: module.schema.kubernetes_manifest.schema: Still creating... [40s elapsed]
TestTerraformSchemaExample 2022-08-04T18:57:16Z logger.go:66: module.confluent_platform.kubernetes_manifest.components["schemaregistry"]: Still creating... [30s elapsed]
TestTerraformSchemaExample 2022-08-04T18:57:16Z logger.go:66: module.confluent_platform.kubernetes_manifest.components["zookeeper"]: Still creating... [30s elapsed]
TestTerraformSchemaExample 2022-08-04T18:57:16Z logger.go:66: module.confluent_platform.kubernetes_manifest.components["connect"]: Still creating... [30s elapsed]
TestTerraformSchemaExample 2022-08-04T18:57:17Z logger.go:66: module.confluent_platform.kubernetes_manifest.components["kafka"]: Still creating... [30s elapsed]
TestTerraformSchemaExample 2022-08-04T18:57:26Z logger.go:66: module.schema.kubernetes_manifest.schema: Still creating... [50s elapsed]
TestTerraformSchemaExample 2022-08-04T18:57:26Z logger.go:66: module.confluent_platform.kubernetes_manifest.components["schemaregistry"]: Still creating... [40s elapsed]
TestTerraformSchemaExample 2022-08-04T18:57:26Z logger.go:66: module.confluent_platform.kubernetes_manifest.components["zookeeper"]: Still creating... [40s elapsed]
TestTerraformSchemaExample 2022-08-04T18:57:26Z logger.go:66: module.confluent_platform.kubernetes_manifest.components["connect"]: Still creating... [40s elapsed]
TestTerraformSchemaExample 2022-08-04T18:57:27Z logger.go:66: module.confluent_platform.kubernetes_manifest.components["kafka"]: Still creating... [40s elapsed]
TestTerraformSchemaExample 2022-08-04T18:57:31Z logger.go:66: module.confluent_platform.kubernetes_manifest.components["zookeeper"]: Creation complete after 45s
TestTerraformSchemaExample 2022-08-04T18:57:36Z logger.go:66: module.schema.kubernetes_manifest.schema: Still creating... [1m0s elapsed]
TestTerraformSchemaExample 2022-08-04T18:57:36Z logger.go:66: module.confluent_platform.kubernetes_manifest.components["schemaregistry"]: Still creating... [50s elapsed]
TestTerraformSchemaExample 2022-08-04T18:57:36Z logger.go:66: module.confluent_platform.kubernetes_manifest.components["connect"]: Still creating... [50s elapsed]
TestTerraformSchemaExample 2022-08-04T18:57:37Z logger.go:66: module.confluent_platform.kubernetes_manifest.components["kafka"]: Still creating... [50s elapsed]
TestTerraformSchemaExample 2022-08-04T18:57:46Z logger.go:66: module.schema.kubernetes_manifest.schema: Still creating... [1m10s elapsed]
TestTerraformSchemaExample 2022-08-04T18:57:46Z logger.go:66: module.confluent_platform.kubernetes_manifest.components["schemaregistry"]: Still creating... [1m0s elapsed]
TestTerraformSchemaExample 2022-08-04T18:57:46Z logger.go:66: module.confluent_platform.kubernetes_manifest.components["connect"]: Still creating... [1m0s elapsed]
TestTerraformSchemaExample 2022-08-04T18:57:47Z logger.go:66: module.confluent_platform.kubernetes_manifest.components["kafka"]: Still creating... [1m0s elapsed]
TestTerraformSchemaExample 2022-08-04T18:57:56Z logger.go:66: module.schema.kubernetes_manifest.schema: Still creating... [1m20s elapsed]
TestTerraformSchemaExample 2022-08-04T18:57:56Z logger.go:66: module.confluent_platform.kubernetes_manifest.components["schemaregistry"]: Still creating... [1m10s elapsed]
TestTerraformSchemaExample 2022-08-04T18:57:56Z logger.go:66: module.confluent_platform.kubernetes_manifest.components["connect"]: Still creating... [1m10s elapsed]
TestTerraformSchemaExample 2022-08-04T18:57:57Z logger.go:66: module.confluent_platform.kubernetes_manifest.components["kafka"]: Still creating... [1m10s elapsed]
TestTerraformSchemaExample 2022-08-04T18:58:06Z logger.go:66: module.schema.kubernetes_manifest.schema: Still creating... [1m30s elapsed]
TestTerraformSchemaExample 2022-08-04T18:58:06Z logger.go:66: module.confluent_platform.kubernetes_manifest.components["schemaregistry"]: Still creating... [1m20s elapsed]
TestTerraformSchemaExample 2022-08-04T18:58:06Z logger.go:66: module.confluent_platform.kubernetes_manifest.components["connect"]: Still creating... [1m20s elapsed]
TestTerraformSchemaExample 2022-08-04T18:58:07Z logger.go:66: module.confluent_platform.kubernetes_manifest.components["kafka"]: Still creating... [1m20s elapsed]
TestTerraformSchemaExample 2022-08-04T18:58:16Z logger.go:66: module.schema.kubernetes_manifest.schema: Still creating... [1m40s elapsed]
TestTerraformSchemaExample 2022-08-04T18:58:16Z logger.go:66: module.confluent_platform.kubernetes_manifest.components["schemaregistry"]: Still creating... [1m30s elapsed]
TestTerraformSchemaExample 2022-08-04T18:58:16Z logger.go:66: module.confluent_platform.kubernetes_manifest.components["connect"]: Still creating... [1m30s elapsed]
TestTerraformSchemaExample 2022-08-04T18:58:17Z logger.go:66: module.confluent_platform.kubernetes_manifest.components["kafka"]: Still creating... [1m30s elapsed]
TestTerraformSchemaExample 2022-08-04T18:58:17Z logger.go:66: module.confluent_platform.kubernetes_manifest.components["kafka"]: Creation complete after 1m31s
TestTerraformSchemaExample 2022-08-04T18:58:26Z logger.go:66: module.schema.kubernetes_manifest.schema: Still creating... [1m50s elapsed]
TestTerraformSchemaExample 2022-08-04T18:58:26Z logger.go:66: module.confluent_platform.kubernetes_manifest.components["schemaregistry"]: Still creating... [1m40s elapsed]
TestTerraformSchemaExample 2022-08-04T18:58:26Z logger.go:66: module.confluent_platform.kubernetes_manifest.components["connect"]: Still creating... [1m40s elapsed]
TestTerraformSchemaExample 2022-08-04T18:58:36Z logger.go:66: module.schema.kubernetes_manifest.schema: Still creating... [2m0s elapsed]
TestTerraformSchemaExample 2022-08-04T18:58:36Z logger.go:66: module.confluent_platform.kubernetes_manifest.components["schemaregistry"]: Still creating... [1m50s elapsed]
TestTerraformSchemaExample 2022-08-04T18:58:36Z logger.go:66: module.confluent_platform.kubernetes_manifest.components["connect"]: Still creating... [1m50s elapsed]
TestTerraformSchemaExample 2022-08-04T18:58:46Z logger.go:66: module.schema.kubernetes_manifest.schema: Still creating... [2m9s elapsed]
TestTerraformSchemaExample 2022-08-04T18:58:46Z logger.go:66: module.confluent_platform.kubernetes_manifest.components["schemaregistry"]: Still creating... [2m0s elapsed]
TestTerraformSchemaExample 2022-08-04T18:58:46Z logger.go:66: module.confluent_platform.kubernetes_manifest.components["connect"]: Still creating... [2m0s elapsed]
TestTerraformSchemaExample 2022-08-04T18:58:56Z logger.go:66: module.schema.kubernetes_manifest.schema: Still creating... [2m19s elapsed]
TestTerraformSchemaExample 2022-08-04T18:58:56Z logger.go:66: module.confluent_platform.kubernetes_manifest.components["schemaregistry"]: Still creating... [2m10s elapsed]
TestTerraformSchemaExample 2022-08-04T18:58:56Z logger.go:66: module.confluent_platform.kubernetes_manifest.components["connect"]: Still creating... [2m10s elapsed]
TestTerraformSchemaExample 2022-08-04T18:59:06Z logger.go:66: module.schema.kubernetes_manifest.schema: Still creating... [2m29s elapsed]
TestTerraformSchemaExample 2022-08-04T18:59:06Z logger.go:66: module.confluent_platform.kubernetes_manifest.components["schemaregistry"]: Still creating... [2m20s elapsed]
TestTerraformSchemaExample 2022-08-04T18:59:06Z logger.go:66: module.confluent_platform.kubernetes_manifest.components["connect"]: Still creating... [2m20s elapsed]
TestTerraformSchemaExample 2022-08-04T18:59:16Z logger.go:66: module.schema.kubernetes_manifest.schema: Still creating... [2m39s elapsed]
TestTerraformSchemaExample 2022-08-04T18:59:16Z logger.go:66: module.confluent_platform.kubernetes_manifest.components["schemaregistry"]: Still creating... [2m30s elapsed]
TestTerraformSchemaExample 2022-08-04T18:59:16Z logger.go:66: module.confluent_platform.kubernetes_manifest.components["connect"]: Still creating... [2m30s elapsed]
TestTerraformSchemaExample 2022-08-04T18:59:26Z logger.go:66: module.schema.kubernetes_manifest.schema: Still creating... [2m49s elapsed]
TestTerraformSchemaExample 2022-08-04T18:59:26Z logger.go:66: module.confluent_platform.kubernetes_manifest.components["schemaregistry"]: Still creating... [2m40s elapsed]
TestTerraformSchemaExample 2022-08-04T18:59:26Z logger.go:66: module.confluent_platform.kubernetes_manifest.components["connect"]: Still creating... [2m40s elapsed]
TestTerraformSchemaExample 2022-08-04T18:59:36Z logger.go:66: module.schema.kubernetes_manifest.schema: Still creating... [2m59s elapsed]
TestTerraformSchemaExample 2022-08-04T18:59:36Z logger.go:66: module.confluent_platform.kubernetes_manifest.components["schemaregistry"]: Still creating... [2m50s elapsed]
TestTerraformSchemaExample 2022-08-04T18:59:36Z logger.go:66: module.confluent_platform.kubernetes_manifest.components["connect"]: Still creating... [2m50s elapsed]
TestTerraformSchemaExample 2022-08-04T18:59:41Z logger.go:66: module.confluent_platform.kubernetes_manifest.components["connect"]: Creation complete after 2m54s
TestTerraformSchemaExample 2022-08-04T18:59:46Z logger.go:66: module.schema.kubernetes_manifest.schema: Still creating... [3m9s elapsed]
TestTerraformSchemaExample 2022-08-04T18:59:46Z logger.go:66: module.confluent_platform.kubernetes_manifest.components["schemaregistry"]: Still creating... [3m0s elapsed]
TestTerraformSchemaExample 2022-08-04T18:59:56Z logger.go:66: module.schema.kubernetes_manifest.schema: Still creating... [3m19s elapsed]
TestTerraformSchemaExample 2022-08-04T18:59:56Z logger.go:66: module.confluent_platform.kubernetes_manifest.components["schemaregistry"]: Still creating... [3m10s elapsed]
TestTerraformSchemaExample 2022-08-04T19:00:04Z logger.go:66: module.confluent_platform.kubernetes_manifest.components["schemaregistry"]: Creation complete after 3m18s
TestTerraformSchemaExample 2022-08-04T19:00:05Z logger.go:66: module.confluent_platform.data.kubernetes_resource.components["connect"]: Reading...
TestTerraformSchemaExample 2022-08-04T19:00:05Z logger.go:66: module.confluent_platform.data.kubernetes_resource.components["schemaregistry"]: Reading...
TestTerraformSchemaExample 2022-08-04T19:00:05Z logger.go:66: module.confluent_platform.data.kubernetes_resource.components["kafka"]: Reading...
TestTerraformSchemaExample 2022-08-04T19:00:05Z logger.go:66: module.confluent_platform.data.kubernetes_resource.components["zookeeper"]: Reading...
TestTerraformSchemaExample 2022-08-04T19:00:06Z logger.go:66: module.schema.kubernetes_manifest.schema: Still creating... [3m29s elapsed]
TestTerraformSchemaExample 2022-08-04T19:00:07Z logger.go:66: module.confluent_platform.module.kafka_topics["pageviews"].kubernetes_manifest.topic: Creating...
TestTerraformSchemaExample 2022-08-04T19:00:07Z logger.go:66: module.confluent_platform.data.kubernetes_resource.components["zookeeper"]: Read complete after 2s
TestTerraformSchemaExample 2022-08-04T19:00:07Z logger.go:66: module.confluent_platform.data.kubernetes_resource.components["schemaregistry"]: Read complete after 3s
TestTerraformSchemaExample 2022-08-04T19:00:07Z logger.go:66: module.confluent_platform.data.kubernetes_resource.components["connect"]: Read complete after 3s
TestTerraformSchemaExample 2022-08-04T19:00:08Z logger.go:66: module.confluent_platform.data.kubernetes_resource.components["kafka"]: Read complete after 3s
TestTerraformSchemaExample 2022-08-04T19:00:09Z logger.go:66: module.confluent_platform.module.kafka_topics["pageviews"].kubernetes_manifest.topic: Creation complete after 2s
TestTerraformSchemaExample 2022-08-04T19:00:09Z logger.go:66: module.confluent_platform.module.kafka_topics["pageviews"].data.kubernetes_resource.topic: Reading...
TestTerraformSchemaExample 2022-08-04T19:00:09Z logger.go:66: module.confluent_platform.module.kafka_topics["pageviews"].data.kubernetes_resource.topic: Read complete after 1s
TestTerraformSchemaExample 2022-08-04T19:00:10Z logger.go:66: module.confluent_platform.module.connectors["pageviews-avro-datagen"].kubernetes_manifest.connector: Creating...
TestTerraformSchemaExample 2022-08-04T19:00:12Z logger.go:66: module.confluent_platform.module.connectors["pageviews-avro-datagen"].kubernetes_manifest.connector: Creation complete after 2s
TestTerraformSchemaExample 2022-08-04T19:00:12Z logger.go:66: module.confluent_platform.module.connectors["pageviews-avro-datagen"].data.kubernetes_resource.connector: Reading...
TestTerraformSchemaExample 2022-08-04T19:00:13Z logger.go:66: module.confluent_platform.module.connectors["pageviews-avro-datagen"].data.kubernetes_resource.connector: Read complete after 2s
TestTerraformSchemaExample 2022-08-04T19:00:16Z logger.go:66: module.schema.kubernetes_manifest.schema: Still creating... [3m39s elapsed]
TestTerraformSchemaExample 2022-08-04T19:00:23Z logger.go:66: module.schema.kubernetes_manifest.schema: Creation complete after 3m47s
TestTerraformSchemaExample 2022-08-04T19:00:24Z logger.go:66: module.schema.data.kubernetes_resource.schema: Reading...
TestTerraformSchemaExample 2022-08-04T19:00:24Z logger.go:66: module.schema.data.kubernetes_resource.schema: Read complete after 1s
TestTerraformSchemaExample 2022-08-04T19:00:24Z logger.go:66:
TestTerraformSchemaExample 2022-08-04T19:00:24Z logger.go:66: Apply complete! Resources: 10 added, 0 changed, 0 destroyed.
TestTerraformSchemaExample 2022-08-04T19:00:24Z logger.go:66:
TestTerraformSchemaExample 2022-08-04T19:00:24Z logger.go:66: Outputs:
TestTerraformSchemaExample 2022-08-04T19:00:24Z logger.go:66:
TestTerraformSchemaExample 2022-08-04T19:00:24Z logger.go:66: schema_config_map_data = "{\"schema\":\"{\\n  \\\"connect.name\\\": \\\"ksql.pageviews\\\",\\n  \\\"fields\\\": [\\n    {\\n      \\\"name\\\": \\\"viewtime\\\",\\n      \\\"type\\\": \\\"long\\\"\\n    },\\n    {\\n      \\\"name\\\": \\\"userid\\\",\\n      \\\"type\\\": \\\"string\\\"\\n    },\\n    {\\n      \\\"name\\\": \\\"pageid\\\",\\n      \\\"type\\\": \\\"string\\\"\\n    }\\n  ],\\n  \\\"name\\\": \\\"pageviews\\\",\\n  \\\"namespace\\\": \\\"ksql\\\",\\n  \\\"type\\\": \\\"record\\\"\\n}\\n\"}"
TestTerraformSchemaExample 2022-08-04T19:00:24Z logger.go:66: schema_object_spec = {
TestTerraformSchemaExample 2022-08-04T19:00:24Z logger.go:66:   "compatibilityLevel" = tostring(null)
TestTerraformSchemaExample 2022-08-04T19:00:24Z logger.go:66:   "data" = {
TestTerraformSchemaExample 2022-08-04T19:00:24Z logger.go:66:     "configRef" = "pageviews-value-config"
TestTerraformSchemaExample 2022-08-04T19:00:24Z logger.go:66:     "format" = "avro"
TestTerraformSchemaExample 2022-08-04T19:00:24Z logger.go:66:   }
TestTerraformSchemaExample 2022-08-04T19:00:24Z logger.go:66:   "name" = tostring(null)
TestTerraformSchemaExample 2022-08-04T19:00:24Z logger.go:66:   "schemaReferences" = tolist(null) /* of object */
TestTerraformSchemaExample 2022-08-04T19:00:24Z logger.go:66:   "schemaRegistryClusterRef" = {
TestTerraformSchemaExample 2022-08-04T19:00:24Z logger.go:66:     "name" = tostring(null)
TestTerraformSchemaExample 2022-08-04T19:00:24Z logger.go:66:     "namespace" = tostring(null)
TestTerraformSchemaExample 2022-08-04T19:00:24Z logger.go:66:   }
TestTerraformSchemaExample 2022-08-04T19:00:24Z logger.go:66:   "schemaRegistryRest" = {
TestTerraformSchemaExample 2022-08-04T19:00:24Z logger.go:66:     "authentication" = {
TestTerraformSchemaExample 2022-08-04T19:00:24Z logger.go:66:       "basic" = {
TestTerraformSchemaExample 2022-08-04T19:00:24Z logger.go:66:         "debug" = tobool(null)
TestTerraformSchemaExample 2022-08-04T19:00:24Z logger.go:66:         "directoryPathInContainer" = tostring(null)
TestTerraformSchemaExample 2022-08-04T19:00:24Z logger.go:66:         "restrictedRoles" = tolist(null) /* of string */
TestTerraformSchemaExample 2022-08-04T19:00:24Z logger.go:66:         "roles" = tolist(null) /* of string */
TestTerraformSchemaExample 2022-08-04T19:00:24Z logger.go:66:         "secretRef" = tostring(null)
TestTerraformSchemaExample 2022-08-04T19:00:24Z logger.go:66:       }
TestTerraformSchemaExample 2022-08-04T19:00:24Z logger.go:66:       "bearer" = {
TestTerraformSchemaExample 2022-08-04T19:00:24Z logger.go:66:         "directoryPathInContainer" = tostring(null)
TestTerraformSchemaExample 2022-08-04T19:00:24Z logger.go:66:         "secretRef" = tostring(null)
TestTerraformSchemaExample 2022-08-04T19:00:24Z logger.go:66:       }
TestTerraformSchemaExample 2022-08-04T19:00:24Z logger.go:66:       "type" = tostring(null)
TestTerraformSchemaExample 2022-08-04T19:00:24Z logger.go:66:     }
TestTerraformSchemaExample 2022-08-04T19:00:24Z logger.go:66:     "endpoint" = tostring(null)
TestTerraformSchemaExample 2022-08-04T19:00:24Z logger.go:66:     "kafkaClusterID" = tostring(null)
TestTerraformSchemaExample 2022-08-04T19:00:24Z logger.go:66:     "tls" = {
TestTerraformSchemaExample 2022-08-04T19:00:24Z logger.go:66:       "directoryPathInContainer" = tostring(null)
TestTerraformSchemaExample 2022-08-04T19:00:24Z logger.go:66:       "jksPassword" = {
TestTerraformSchemaExample 2022-08-04T19:00:24Z logger.go:66:         "secretRef" = tostring(null)
TestTerraformSchemaExample 2022-08-04T19:00:24Z logger.go:66:       }
TestTerraformSchemaExample 2022-08-04T19:00:24Z logger.go:66:       "secretRef" = tostring(null)
TestTerraformSchemaExample 2022-08-04T19:00:24Z logger.go:66:     }
TestTerraformSchemaExample 2022-08-04T19:00:24Z logger.go:66:   }
TestTerraformSchemaExample 2022-08-04T19:00:24Z logger.go:66: }
TestTerraformSchemaExample 2022-08-04T19:00:24Z retry.go:91: terraform [output -no-color -json schema_object_spec]
TestTerraformSchemaExample 2022-08-04T19:00:24Z logger.go:66: Running command terraform with args [output -no-color -json schema_object_spec]
TestTerraformSchemaExample 2022-08-04T19:00:26Z logger.go:66: {"compatibilityLevel":null,"data":{"configRef":"pageviews-value-config","format":"avro"},"name":null,"schemaReferences":null,"schemaRegistryClusterRef":{"name":null,"namespace":null},"schemaRegistryRest":{"authentication":{"basic":{"debug":null,"directoryPathInContainer":null,"restrictedRoles":null,"roles":null,"secretRef":null},"bearer":{"directoryPathInContainer":null,"secretRef":null},"type":null},"endpoint":null,"kafkaClusterID":null,"tls":{"directoryPathInContainer":null,"jksPassword":{"secretRef":null},"secretRef":null}}}
TestTerraformSchemaExample 2022-08-04T19:00:26Z retry.go:91: terraform [output -no-color -json schema_config_map_data]
TestTerraformSchemaExample 2022-08-04T19:00:26Z logger.go:66: Running command terraform with args [output -no-color -json schema_config_map_data]
TestTerraformSchemaExample 2022-08-04T19:00:26Z logger.go:66: "{\"schema\":\"{\\n  \\\"connect.name\\\": \\\"ksql.pageviews\\\",\\n  \\\"fields\\\": [\\n    {\\n      \\\"name\\\": \\\"viewtime\\\",\\n      \\\"type\\\": \\\"long\\\"\\n    },\\n    {\\n      \\\"name\\\": \\\"userid\\\",\\n      \\\"type\\\": \\\"string\\\"\\n    },\\n    {\\n      \\\"name\\\": \\\"pageid\\\",\\n      \\\"type\\\": \\\"string\\\"\\n    }\\n  ],\\n  \\\"name\\\": \\\"pageviews\\\",\\n  \\\"namespace\\\": \\\"ksql\\\",\\n  \\\"type\\\": \\\"record\\\"\\n}\\n\"}"
TestTerraformSchemaExample 2022-08-04T19:00:26Z retry.go:91: terraform [destroy -auto-approve -input=false -var create_controlcenter=false -no-color -lock=false]
TestTerraformSchemaExample 2022-08-04T19:00:26Z logger.go:66: Running command terraform with args [destroy -auto-approve -input=false -var create_controlcenter=false -no-color -lock=false]
TestTerraformSchemaExample 2022-08-04T19:00:30Z logger.go:66: module.schema.kubernetes_config_map_v1.schema_config: Refreshing state... [id=confluent/pageviews-value-config]
TestTerraformSchemaExample 2022-08-04T19:00:30Z logger.go:66: module.confluent_platform.module.confluent_operator[0].kubernetes_namespace_v1.namespace[0]: Refreshing state... [id=confluent]
TestTerraformSchemaExample 2022-08-04T19:00:30Z logger.go:66: module.confluent_platform.module.confluent_operator[0].helm_release.confluent_operator[0]: Refreshing state... [id=confluent-operator]
TestTerraformSchemaExample 2022-08-04T19:00:33Z logger.go:66: module.schema.kubernetes_manifest.schema: Refreshing state...
TestTerraformSchemaExample 2022-08-04T19:00:35Z logger.go:66: module.confluent_platform.kubernetes_manifest.components["schemaregistry"]: Refreshing state...
TestTerraformSchemaExample 2022-08-04T19:00:35Z logger.go:66: module.confluent_platform.kubernetes_manifest.components["zookeeper"]: Refreshing state...
TestTerraformSchemaExample 2022-08-04T19:00:35Z logger.go:66: module.confluent_platform.kubernetes_manifest.components["connect"]: Refreshing state...
TestTerraformSchemaExample 2022-08-04T19:00:36Z logger.go:66: module.schema.data.kubernetes_resource.schema: Reading...
TestTerraformSchemaExample 2022-08-04T19:00:36Z logger.go:66: module.confluent_platform.kubernetes_manifest.components["kafka"]: Refreshing state...
TestTerraformSchemaExample 2022-08-04T19:00:37Z logger.go:66: module.schema.data.kubernetes_resource.schema: Read complete after 2s
TestTerraformSchemaExample 2022-08-04T19:00:41Z logger.go:66: module.confluent_platform.data.kubernetes_resource.components["connect"]: Reading...
TestTerraformSchemaExample 2022-08-04T19:00:41Z logger.go:66: module.confluent_platform.data.kubernetes_resource.components["kafka"]: Reading...
TestTerraformSchemaExample 2022-08-04T19:00:41Z logger.go:66: module.confluent_platform.data.kubernetes_resource.components["schemaregistry"]: Reading...
TestTerraformSchemaExample 2022-08-04T19:00:41Z logger.go:66: module.confluent_platform.data.kubernetes_resource.components["zookeeper"]: Reading...
TestTerraformSchemaExample 2022-08-04T19:00:43Z logger.go:66: module.confluent_platform.module.kafka_topics["pageviews"].kubernetes_manifest.topic: Refreshing state...
TestTerraformSchemaExample 2022-08-04T19:00:43Z logger.go:66: module.confluent_platform.data.kubernetes_resource.components["zookeeper"]: Read complete after 2s
TestTerraformSchemaExample 2022-08-04T19:00:43Z logger.go:66: module.confluent_platform.data.kubernetes_resource.components["connect"]: Read complete after 2s
TestTerraformSchemaExample 2022-08-04T19:00:43Z logger.go:66: module.confluent_platform.data.kubernetes_resource.components["schemaregistry"]: Read complete after 2s
TestTerraformSchemaExample 2022-08-04T19:00:44Z logger.go:66: module.confluent_platform.data.kubernetes_resource.components["kafka"]: Read complete after 2s
TestTerraformSchemaExample 2022-08-04T19:00:44Z logger.go:66: module.confluent_platform.module.kafka_topics["pageviews"].data.kubernetes_resource.topic: Reading...
TestTerraformSchemaExample 2022-08-04T19:00:45Z logger.go:66: module.confluent_platform.module.kafka_topics["pageviews"].data.kubernetes_resource.topic: Read complete after 0s
TestTerraformSchemaExample 2022-08-04T19:00:45Z logger.go:66: module.confluent_platform.module.connectors["pageviews-avro-datagen"].kubernetes_manifest.connector: Refreshing state...
TestTerraformSchemaExample 2022-08-04T19:00:46Z logger.go:66: module.confluent_platform.module.connectors["pageviews-avro-datagen"].data.kubernetes_resource.connector: Reading...
TestTerraformSchemaExample 2022-08-04T19:00:46Z logger.go:66: module.confluent_platform.module.connectors["pageviews-avro-datagen"].data.kubernetes_resource.connector: Read complete after 1s
TestTerraformSchemaExample 2022-08-04T19:00:48Z logger.go:66:
TestTerraformSchemaExample 2022-08-04T19:00:48Z logger.go:66: Terraform used the selected providers to generate the following execution
TestTerraformSchemaExample 2022-08-04T19:00:48Z logger.go:66: plan. Resource actions are indicated with the following symbols:
TestTerraformSchemaExample 2022-08-04T19:00:48Z logger.go:66:   - destroy
TestTerraformSchemaExample 2022-08-04T19:00:48Z logger.go:66:
TestTerraformSchemaExample 2022-08-04T19:00:48Z logger.go:66: Terraform will perform the following actions:
TestTerraformSchemaExample 2022-08-04T19:00:48Z logger.go:66:
TestTerraformSchemaExample 2022-08-04T19:00:48Z logger.go:66:   # module.confluent_platform.kubernetes_manifest.components["connect"] will be destroyed
TestTerraformSchemaExample 2022-08-04T19:00:48Z logger.go:66:   - resource "kubernetes_manifest" "components" {
TestTerraformSchemaExample 2022-08-04T19:00:48Z logger.go:66:       - computed_fields = [
TestTerraformSchemaExample 2022-08-04T19:00:48Z logger.go:66:           - "metadata.finalizers",
TestTerraformSchemaExample 2022-08-04T19:00:48Z logger.go:66:         ] -> null
TestTerraformSchemaExample 2022-08-04T19:00:48Z logger.go:66:       - manifest        = {
TestTerraformSchemaExample 2022-08-04T19:00:48Z logger.go:66:           - apiVersion = "platform.confluent.io/v1beta1"
TestTerraformSchemaExample 2022-08-04T19:00:48Z logger.go:66:           - kind       = "Connect"
TestTerraformSchemaExample 2022-08-04T19:00:48Z logger.go:66:           - metadata   = {
TestTerraformSchemaExample 2022-08-04T19:00:48Z logger.go:66:               - name      = "connect"
TestTerraformSchemaExample 2022-08-04T19:00:48Z logger.go:66:               - namespace = "confluent"
TestTerraformSchemaExample 2022-08-04T19:00:48Z logger.go:66:             }
TestTerraformSchemaExample 2022-08-04T19:00:48Z logger.go:66:           - spec       = {
TestTerraformSchemaExample 2022-08-04T19:00:48Z logger.go:66:               - build        = {
TestTerraformSchemaExample 2022-08-04T19:00:48Z logger.go:66:                   - onDemand = {
TestTerraformSchemaExample 2022-08-04T19:00:48Z logger.go:66:                       - plugins = {
TestTerraformSchemaExample 2022-08-04T19:00:48Z logger.go:66:                           - confluentHub = [
TestTerraformSchemaExample 2022-08-04T19:00:48Z logger.go:66:                               - {
TestTerraformSchemaExample 2022-08-04T19:00:48Z logger.go:66:                                   - name    = "kafka-connect-datagen"
TestTerraformSchemaExample 2022-08-04T19:00:48Z logger.go:66:                                   - owner   = "confluentinc"
TestTerraformSchemaExample 2022-08-04T19:00:48Z logger.go:66:                                   - version = "0.5.2"
TestTerraformSchemaExample 2022-08-04T19:00:48Z logger.go:66:                                 },
TestTerraformSchemaExample 2022-08-04T19:00:48Z logger.go:66:                             ]
TestTerraformSchemaExample 2022-08-04T19:00:48Z logger.go:66:                           - locationType = "confluentHub"
TestTerraformSchemaExample 2022-08-04T19:00:48Z logger.go:66:                         }
TestTerraformSchemaExample 2022-08-04T19:00:48Z logger.go:66:                     }
TestTerraformSchemaExample 2022-08-04T19:00:48Z logger.go:66:                   - type     = "onDemand"
TestTerraformSchemaExample 2022-08-04T19:00:48Z logger.go:66:                 }
TestTerraformSchemaExample 2022-08-04T19:00:48Z logger.go:66:               - dependencies = {
TestTerraformSchemaExample 2022-08-04T19:00:48Z logger.go:66:                   - kafka = {
TestTerraformSchemaExample 2022-08-04T19:00:48Z logger.go:66:                       - bootstrapEndpoint = "kafka:9071"
TestTerraformSchemaExample 2022-08-04T19:00:48Z logger.go:66:                     }
TestTerraformSchemaExample 2022-08-04T19:00:48Z logger.go:66:                 }
TestTerraformSchemaExample 2022-08-04T19:00:48Z logger.go:66:               - image        = {
TestTerraformSchemaExample 2022-08-04T19:00:48Z logger.go:66:                   - application = "confluentinc/cp-server-connect:7.2.0"
TestTerraformSchemaExample 2022-08-04T19:00:48Z logger.go:66:                   - init        = "confluentinc/confluent-init-container:2.4.0"
TestTerraformSchemaExample 2022-08-04T19:00:48Z logger.go:66:                 }
TestTerraformSchemaExample 2022-08-04T19:00:48Z logger.go:66:               - replicas     = 1
TestTerraformSchemaExample 2022-08-04T19:00:48Z logger.go:66:             }
TestTerraformSchemaExample 2022-08-04T19:00:48Z logger.go:66:         } -> null
TestTerraformSchemaExample 2022-08-04T19:00:48Z logger.go:66:       - object          = {
TestTerraformSchemaExample 2022-08-04T19:00:48Z logger.go:66:           - apiVersion = "platform.confluent.io/v1beta1"
TestTerraformSchemaExample 2022-08-04T19:00:48Z logger.go:66:           - kind       = "Connect"
TestTerraformSchemaExample 2022-08-04T19:00:48Z logger.go:66:           - metadata   = {
TestTerraformSchemaExample 2022-08-04T19:00:48Z logger.go:66:               - annotations                = null
TestTerraformSchemaExample 2022-08-04T19:00:48Z logger.go:66:               - clusterName                = null
TestTerraformSchemaExample 2022-08-04T19:00:48Z logger.go:66:               - creationTimestamp          = null
TestTerraformSchemaExample 2022-08-04T19:00:48Z logger.go:66:               - deletionGracePeriodSeconds = null
TestTerraformSchemaExample 2022-08-04T19:00:48Z logger.go:66:               - deletionTimestamp          = null
TestTerraformSchemaExample 2022-08-04T19:00:48Z logger.go:66:               - finalizers                 = [
TestTerraformSchemaExample 2022-08-04T19:00:48Z logger.go:66:                   - "connect.finalizers.platform.confluent.io",
TestTerraformSchemaExample 2022-08-04T19:00:48Z logger.go:66:                 ]
TestTerraformSchemaExample 2022-08-04T19:00:48Z logger.go:66:               - generateName               = null
TestTerraformSchemaExample 2022-08-04T19:00:48Z logger.go:66:               - generation                 = null
TestTerraformSchemaExample 2022-08-04T19:00:48Z logger.go:66:               - labels                     = null
TestTerraformSchemaExample 2022-08-04T19:00:48Z logger.go:66:               - managedFields              = null
TestTerraformSchemaExample 2022-08-04T19:00:48Z logger.go:66:               - name                       = "connect"
TestTerraformSchemaExample 2022-08-04T19:00:48Z logger.go:66:               - namespace                  = "confluent"
TestTerraformSchemaExample 2022-08-04T19:00:48Z logger.go:66:               - ownerReferences            = null
TestTerraformSchemaExample 2022-08-04T19:00:48Z logger.go:66:               - resourceVersion            = null
TestTerraformSchemaExample 2022-08-04T19:00:48Z logger.go:66:               - selfLink                   = null
TestTerraformSchemaExample 2022-08-04T19:00:48Z logger.go:66:               - uid                        = null
TestTerraformSchemaExample 2022-08-04T19:00:48Z logger.go:66:             }
TestTerraformSchemaExample 2022-08-04T19:00:48Z logger.go:66:           - spec       = {
TestTerraformSchemaExample 2022-08-04T19:00:48Z logger.go:66:               - authentication                 = {
TestTerraformSchemaExample 2022-08-04T19:00:48Z logger.go:66:                   - basic = {
TestTerraformSchemaExample 2022-08-04T19:00:48Z logger.go:66:                       - debug                    = null
TestTerraformSchemaExample 2022-08-04T19:00:48Z logger.go:66:                       - directoryPathInContainer = null
TestTerraformSchemaExample 2022-08-04T19:00:48Z logger.go:66:                       - restrictedRoles          = null
TestTerraformSchemaExample 2022-08-04T19:00:48Z logger.go:66:                       - roles                    = null
TestTerraformSchemaExample 2022-08-04T19:00:48Z logger.go:66:                       - secretRef                = null
TestTerraformSchemaExample 2022-08-04T19:00:48Z logger.go:66:                     }
TestTerraformSchemaExample 2022-08-04T19:00:48Z logger.go:66:                   - type  = null
TestTerraformSchemaExample 2022-08-04T19:00:48Z logger.go:66:                 }
TestTerraformSchemaExample 2022-08-04T19:00:48Z logger.go:66:               - authorization                  = {
TestTerraformSchemaExample 2022-08-04T19:00:48Z logger.go:66:                   - kafkaRestClassRef = {
TestTerraformSchemaExample 2022-08-04T19:00:48Z logger.go:66:                       - name      = null
TestTerraformSchemaExample 2022-08-04T19:00:48Z logger.go:66:                       - namespace = null
TestTerraformSchemaExample 2022-08-04T19:00:48Z logger.go:66:                     }
TestTerraformSchemaExample 2022-08-04T19:00:48Z logger.go:66:                   - type              = null
TestTerraformSchemaExample 2022-08-04T19:00:48Z logger.go:66:                 }
TestTerraformSchemaExample 2022-08-04T19:00:48Z logger.go:66:               - build                          = {
TestTerraformSchemaExample 2022-08-04T19:00:48Z logger.go:66:                   - onDemand = {
TestTerraformSchemaExample 2022-08-04T19:00:48Z logger.go:66:                       - plugins      = {
TestTerraformSchemaExample 2022-08-04T19:00:48Z logger.go:66:                           - confluentHub = [
TestTerraformSchemaExample 2022-08-04T19:00:48Z logger.go:66:                               - {
TestTerraformSchemaExample 2022-08-04T19:00:48Z logger.go:66:                                   - name    = "kafka-connect-datagen"
TestTerraformSchemaExample 2022-08-04T19:00:48Z logger.go:66:                                   - owner   = "confluentinc"
TestTerraformSchemaExample 2022-08-04T19:00:48Z logger.go:66:                                   - version = "0.5.2"
TestTerraformSchemaExample 2022-08-04T19:00:48Z logger.go:66:                                 },
TestTerraformSchemaExample 2022-08-04T19:00:48Z logger.go:66:                             ]
TestTerraformSchemaExample 2022-08-04T19:00:48Z logger.go:66:                           - locationType = "confluentHub"
TestTerraformSchemaExample 2022-08-04T19:00:48Z logger.go:66:                           - url          = null
TestTerraformSchemaExample 2022-08-04T19:00:48Z logger.go:66:                         }
TestTerraformSchemaExample 2022-08-04T19:00:48Z logger.go:66:                       - storageLimit = null
TestTerraformSchemaExample 2022-08-04T19:00:48Z logger.go:66:                     }
TestTerraformSchemaExample 2022-08-04T19:00:48Z logger.go:66:                   - type     = "onDemand"
TestTerraformSchemaExample 2022-08-04T19:00:48Z logger.go:66:                 }
TestTerraformSchemaExample 2022-08-04T19:00:48Z logger.go:66:               - configOverrides                = {
TestTerraformSchemaExample 2022-08-04T19:00:48Z logger.go:66:                   - jvm    = null
TestTerraformSchemaExample 2022-08-04T19:00:48Z logger.go:66:                   - log4j  = null
TestTerraformSchemaExample 2022-08-04T19:00:48Z logger.go:66:                   - server = null
TestTerraformSchemaExample 2022-08-04T19:00:48Z logger.go:66:                 }
TestTerraformSchemaExample 2022-08-04T19:00:48Z logger.go:66:               - connectorOverridePolicy        = null
TestTerraformSchemaExample 2022-08-04T19:00:48Z logger.go:66:               - connectorTLSCerts              = null
TestTerraformSchemaExample 2022-08-04T19:00:48Z logger.go:66:               - dependencies                   = {
TestTerraformSchemaExample 2022-08-04T19:00:48Z logger.go:66:                   - admin          = {
TestTerraformSchemaExample 2022-08-04T19:00:48Z logger.go:66:                       - authentication    = {
TestTerraformSchemaExample 2022-08-04T19:00:48Z logger.go:66:                           - jaasConfig            = {
TestTerraformSchemaExample 2022-08-04T19:00:48Z logger.go:66:                               - secretRef = null
TestTerraformSchemaExample 2022-08-04T19:00:48Z logger.go:66:                             }
TestTerraformSchemaExample 2022-08-04T19:00:48Z logger.go:66:                           - jaasConfigPassThrough = {
TestTerraformSchemaExample 2022-08-04T19:00:48Z logger.go:66:                               - directoryPathInContainer = null
TestTerraformSchemaExample 2022-08-04T19:00:48Z logger.go:66:                               - secretRef                = null
TestTerraformSchemaExample 2022-08-04T19:00:48Z logger.go:66:                             }
TestTerraformSchemaExample 2022-08-04T19:00:48Z logger.go:66:                           - oauthbearer           = {
TestTerraformSchemaExample 2022-08-04T19:00:48Z logger.go:66:                               - directoryPathInContainer = null
TestTerraformSchemaExample 2022-08-04T19:00:48Z logger.go:66:                               - secretRef                = null
TestTerraformSchemaExample 2022-08-04T19:00:48Z logger.go:66:                             }
TestTerraformSchemaExample 2022-08-04T19:00:48Z logger.go:66:                           - type                  = null
TestTerraformSchemaExample 2022-08-04T19:00:48Z logger.go:66:                         }
TestTerraformSchemaExample 2022-08-04T19:00:48Z logger.go:66:                       - bootstrapEndpoint = null
TestTerraformSchemaExample 2022-08-04T19:00:48Z logger.go:66:                       - discovery         = {
TestTerraformSchemaExample 2022-08-04T19:00:48Z logger.go:66:                           - name      = null
TestTerraformSchemaExample 2022-08-04T19:00:48Z logger.go:66:                           - namespace = null
TestTerraformSchemaExample 2022-08-04T19:00:48Z logger.go:66:                           - secretRef = null
TestTerraformSchemaExample 2022-08-04T19:00:48Z logger.go:66:                         }
TestTerraformSchemaExample 2022-08-04T19:00:48Z logger.go:66:                       - tls               = {
TestTerraformSchemaExample 2022-08-04T19:00:48Z logger.go:66:                           - directoryPathInContainer = null
TestTerraformSchemaExample 2022-08-04T19:00:48Z logger.go:66:                           - enabled                  = null
TestTerraformSchemaExample 2022-08-04T19:00:48Z logger.go:66:                           - ignoreTrustStoreConfig   = null
TestTerraformSchemaExample 2022-08-04T19:00:48Z logger.go:66:                           - jksPassword              = {
TestTerraformSchemaExample 2022-08-04T19:00:48Z logger.go:66:                               - secretRef = null
TestTerraformSchemaExample 2022-08-04T19:00:48Z logger.go:66:                             }
TestTerraformSchemaExample 2022-08-04T19:00:48Z logger.go:66:                           - secretRef                = null
TestTerraformSchemaExample 2022-08-04T19:00:48Z logger.go:66:                         }
TestTerraformSchemaExample 2022-08-04T19:00:48Z logger.go:66:                     }
TestTerraformSchemaExample 2022-08-04T19:00:48Z logger.go:66:                   - consumer       = {
TestTerraformSchemaExample 2022-08-04T19:00:48Z logger.go:66:                       - authentication    = {
TestTerraformSchemaExample 2022-08-04T19:00:48Z logger.go:66:                           - jaasConfig            = {
TestTerraformSchemaExample 2022-08-04T19:00:48Z logger.go:66:                               - secretRef = null
TestTerraformSchemaExample 2022-08-04T19:00:48Z logger.go:66:                             }
TestTerraformSchemaExample 2022-08-04T19:00:48Z logger.go:66:                           - jaasConfigPassThrough = {
TestTerraformSchemaExample 2022-08-04T19:00:48Z logger.go:66:                               - directoryPathInContainer = null
TestTerraformSchemaExample 2022-08-04T19:00:48Z logger.go:66:                               - secretRef                = null
TestTerraformSchemaExample 2022-08-04T19:00:48Z logger.go:66:                             }
TestTerraformSchemaExample 2022-08-04T19:00:48Z logger.go:66:                           - oauthbearer           = {
TestTerraformSchemaExample 2022-08-04T19:00:48Z logger.go:66:                               - directoryPathInContainer = null
TestTerraformSchemaExample 2022-08-04T19:00:48Z logger.go:66:                               - secretRef                = null
TestTerraformSchemaExample 2022-08-04T19:00:48Z logger.go:66:                             }
TestTerraformSchemaExample 2022-08-04T19:00:48Z logger.go:66:                           - type                  = null
TestTerraformSchemaExample 2022-08-04T19:00:48Z logger.go:66:                         }
TestTerraformSchemaExample 2022-08-04T19:00:48Z logger.go:66:                       - bootstrapEndpoint = null
TestTerraformSchemaExample 2022-08-04T19:00:48Z logger.go:66:                       - discovery         = {
TestTerraformSchemaExample 2022-08-04T19:00:48Z logger.go:66:                           - name      = null
TestTerraformSchemaExample 2022-08-04T19:00:48Z logger.go:66:                           - namespace = null
TestTerraformSchemaExample 2022-08-04T19:00:48Z logger.go:66:                           - secretRef = null
TestTerraformSchemaExample 2022-08-04T19:00:48Z logger.go:66:                         }
TestTerraformSchemaExample 2022-08-04T19:00:48Z logger.go:66:                       - tls               = {
TestTerraformSchemaExample 2022-08-04T19:00:48Z logger.go:66:                           - directoryPathInContainer = null
TestTerraformSchemaExample 2022-08-04T19:00:48Z logger.go:66:                           - enabled                  = null
TestTerraformSchemaExample 2022-08-04T19:00:48Z logger.go:66:                           - ignoreTrustStoreConfig   = null
TestTerraformSchemaExample 2022-08-04T19:00:48Z logger.go:66:                           - jksPassword              = {
TestTerraformSchemaExample 2022-08-04T19:00:48Z logger.go:66:                               - secretRef = null
TestTerraformSchemaExample 2022-08-04T19:00:48Z logger.go:66:                             }
TestTerraformSchemaExample 2022-08-04T19:00:48Z logger.go:66:                           - secretRef                = null
TestTerraformSchemaExample 2022-08-04T19:00:48Z logger.go:66:                         }
TestTerraformSchemaExample 2022-08-04T19:00:48Z logger.go:66:                     }
TestTerraformSchemaExample 2022-08-04T19:00:48Z logger.go:66:                   - interceptor    = {
TestTerraformSchemaExample 2022-08-04T19:00:48Z logger.go:66:                       - configs   = null
TestTerraformSchemaExample 2022-08-04T19:00:48Z logger.go:66:                       - consumer  = {
TestTerraformSchemaExample 2022-08-04T19:00:48Z logger.go:66:                           - authentication    = {
TestTerraformSchemaExample 2022-08-04T19:00:48Z logger.go:66:                               - jaasConfig            = {
TestTerraformSchemaExample 2022-08-04T19:00:48Z logger.go:66:                                   - secretRef = null
TestTerraformSchemaExample 2022-08-04T19:00:48Z logger.go:66:                                 }
TestTerraformSchemaExample 2022-08-04T19:00:48Z logger.go:66:                               - jaasConfigPassThrough = {
TestTerraformSchemaExample 2022-08-04T19:00:48Z logger.go:66:                                   - directoryPathInContainer = null
TestTerraformSchemaExample 2022-08-04T19:00:48Z logger.go:66:                                   - secretRef                = null
TestTerraformSchemaExample 2022-08-04T19:00:48Z logger.go:66:                                 }
TestTerraformSchemaExample 2022-08-04T19:00:48Z logger.go:66:                               - oauthbearer           = {
TestTerraformSchemaExample 2022-08-04T19:00:48Z logger.go:66:                                   - directoryPathInContainer = null
TestTerraformSchemaExample 2022-08-04T19:00:48Z logger.go:66:                                   - secretRef                = null
TestTerraformSchemaExample 2022-08-04T19:00:48Z logger.go:66:                                 }
TestTerraformSchemaExample 2022-08-04T19:00:48Z logger.go:66:                               - type                  = null
TestTerraformSchemaExample 2022-08-04T19:00:48Z logger.go:66:                             }
TestTerraformSchemaExample 2022-08-04T19:00:48Z logger.go:66:                           - bootstrapEndpoint = null
TestTerraformSchemaExample 2022-08-04T19:00:48Z logger.go:66:                           - discovery         = {
TestTerraformSchemaExample 2022-08-04T19:00:48Z logger.go:66:                               - name      = null
TestTerraformSchemaExample 2022-08-04T19:00:48Z logger.go:66:                               - namespace = null
TestTerraformSchemaExample 2022-08-04T19:00:48Z logger.go:66:                               - secretRef = null
TestTerraformSchemaExample 2022-08-04T19:00:48Z logger.go:66:                             }
TestTerraformSchemaExample 2022-08-04T19:00:48Z logger.go:66:                           - tls               = {
TestTerraformSchemaExample 2022-08-04T19:00:48Z logger.go:66:                               - directoryPathInContainer = null
TestTerraformSchemaExample 2022-08-04T19:00:48Z logger.go:66:                               - enabled                  = null
TestTerraformSchemaExample 2022-08-04T19:00:48Z logger.go:66:                               - ignoreTrustStoreConfig   = null
TestTerraformSchemaExample 2022-08-04T19:00:48Z logger.go:66:                               - jksPassword              = {
TestTerraformSchemaExample 2022-08-04T19:00:48Z logger.go:66:                                   - secretRef = null
TestTerraformSchemaExample 2022-08-04T19:00:48Z logger.go:66:                                 }
TestTerraformSchemaExample 2022-08-04T19:00:48Z logger.go:66:                               - secretRef                = null
TestTerraformSchemaExample 2022-08-04T19:00:48Z logger.go:66:                             }
TestTerraformSchemaExample 2022-08-04T19:00:48Z logger.go:66:                         }
TestTerraformSchemaExample 2022-08-04T19:00:48Z logger.go:66:                       - enabled   = null
TestTerraformSchemaExample 2022-08-04T19:00:48Z logger.go:66:                       - producer  = {
TestTerraformSchemaExample 2022-08-04T19:00:48Z logger.go:66:                           - authentication    = {
TestTerraformSchemaExample 2022-08-04T19:00:48Z logger.go:66:                               - jaasConfig            = {
TestTerraformSchemaExample 2022-08-04T19:00:48Z logger.go:66:                                   - secretRef = null
TestTerraformSchemaExample 2022-08-04T19:00:48Z logger.go:66:                                 }
TestTerraformSchemaExample 2022-08-04T19:00:48Z logger.go:66:                               - jaasConfigPassThrough = {
TestTerraformSchemaExample 2022-08-04T19:00:48Z logger.go:66:                                   - directoryPathInContainer = null
TestTerraformSchemaExample 2022-08-04T19:00:48Z logger.go:66:                                   - secretRef                = null
TestTerraformSchemaExample 2022-08-04T19:00:48Z logger.go:66:                                 }
TestTerraformSchemaExample 2022-08-04T19:00:48Z logger.go:66:                               - oauthbearer           = {
TestTerraformSchemaExample 2022-08-04T19:00:48Z logger.go:66:                                   - directoryPathInContainer = null
TestTerraformSchemaExample 2022-08-04T19:00:48Z logger.go:66:                                   - secretRef                = null
TestTerraformSchemaExample 2022-08-04T19:00:48Z logger.go:66:                                 }
TestTerraformSchemaExample 2022-08-04T19:00:48Z logger.go:66:                               - type                  = null
TestTerraformSchemaExample 2022-08-04T19:00:48Z logger.go:66:                             }
TestTerraformSchemaExample 2022-08-04T19:00:48Z logger.go:66:                           - bootstrapEndpoint = null
TestTerraformSchemaExample 2022-08-04T19:00:48Z logger.go:66:                           - discovery         = {
TestTerraformSchemaExample 2022-08-04T19:00:48Z logger.go:66:                               - name      = null
TestTerraformSchemaExample 2022-08-04T19:00:48Z logger.go:66:                               - namespace = null
TestTerraformSchemaExample 2022-08-04T19:00:48Z logger.go:66:                               - secretRef = null
TestTerraformSchemaExample 2022-08-04T19:00:48Z logger.go:66:                             }
TestTerraformSchemaExample 2022-08-04T19:00:48Z logger.go:66:                           - tls               = {
TestTerraformSchemaExample 2022-08-04T19:00:48Z logger.go:66:                               - directoryPathInContainer = null
TestTerraformSchemaExample 2022-08-04T19:00:48Z logger.go:66:                               - enabled                  = null
TestTerraformSchemaExample 2022-08-04T19:00:48Z logger.go:66:                               - ignoreTrustStoreConfig   = null
TestTerraformSchemaExample 2022-08-04T19:00:48Z logger.go:66:                               - jksPassword              = {
TestTerraformSchemaExample 2022-08-04T19:00:48Z logger.go:66:                                   - secretRef = null
TestTerraformSchemaExample 2022-08-04T19:00:48Z logger.go:66:                                 }
TestTerraformSchemaExample 2022-08-04T19:00:48Z logger.go:66:                               - secretRef                = null
TestTerraformSchemaExample 2022-08-04T19:00:48Z logger.go:66:                             }
TestTerraformSchemaExample 2022-08-04T19:00:48Z logger.go:66:                         }
TestTerraformSchemaExample 2022-08-04T19:00:48Z logger.go:66:                       - publishMs = null
TestTerraformSchemaExample 2022-08-04T19:00:48Z logger.go:66:                     }
TestTerraformSchemaExample 2022-08-04T19:00:48Z logger.go:66:                   - kafka          = {
TestTerraformSchemaExample 2022-08-04T19:00:48Z logger.go:66:                       - authentication    = {
TestTerraformSchemaExample 2022-08-04T19:00:48Z logger.go:66:                           - jaasConfig            = {
TestTerraformSchemaExample 2022-08-04T19:00:48Z logger.go:66:                               - secretRef = null
TestTerraformSchemaExample 2022-08-04T19:00:48Z logger.go:66:                             }
TestTerraformSchemaExample 2022-08-04T19:00:48Z logger.go:66:                           - jaasConfigPassThrough = {
TestTerraformSchemaExample 2022-08-04T19:00:48Z logger.go:66:                               - directoryPathInContainer = null
TestTerraformSchemaExample 2022-08-04T19:00:48Z logger.go:66:                               - secretRef                = null
TestTerraformSchemaExample 2022-08-04T19:00:48Z logger.go:66:                             }
TestTerraformSchemaExample 2022-08-04T19:00:48Z logger.go:66:                           - oauthbearer           = {
TestTerraformSchemaExample 2022-08-04T19:00:48Z logger.go:66:                               - directoryPathInContainer = null
TestTerraformSchemaExample 2022-08-04T19:00:48Z logger.go:66:                               - secretRef                = null
TestTerraformSchemaExample 2022-08-04T19:00:48Z logger.go:66:                             }
TestTerraformSchemaExample 2022-08-04T19:00:48Z logger.go:66:                           - type                  = null
TestTerraformSchemaExample 2022-08-04T19:00:48Z logger.go:66:                         }
TestTerraformSchemaExample 2022-08-04T19:00:48Z logger.go:66:                       - bootstrapEndpoint = "kafka:9071"
TestTerraformSchemaExample 2022-08-04T19:00:48Z logger.go:66:                       - discovery         = {
TestTerraformSchemaExample 2022-08-04T19:00:48Z logger.go:66:                           - name      = null
TestTerraformSchemaExample 2022-08-04T19:00:48Z logger.go:66:                           - namespace = null
TestTerraformSchemaExample 2022-08-04T19:00:48Z logger.go:66:                           - secretRef = null
TestTerraformSchemaExample 2022-08-04T19:00:48Z logger.go:66:                         }
TestTerraformSchemaExample 2022-08-04T19:00:48Z logger.go:66:                       - tls               = {
TestTerraformSchemaExample 2022-08-04T19:00:48Z logger.go:66:                           - directoryPathInContainer = null
TestTerraformSchemaExample 2022-08-04T19:00:48Z logger.go:66:                           - enabled                  = null
TestTerraformSchemaExample 2022-08-04T19:00:48Z logger.go:66:                           - ignoreTrustStoreConfig   = null
TestTerraformSchemaExample 2022-08-04T19:00:48Z logger.go:66:                           - jksPassword              = {
TestTerraformSchemaExample 2022-08-04T19:00:48Z logger.go:66:                               - secretRef = null
TestTerraformSchemaExample 2022-08-04T19:00:48Z logger.go:66:                             }
TestTerraformSchemaExample 2022-08-04T19:00:48Z logger.go:66:                           - secretRef                = null
TestTerraformSchemaExample 2022-08-04T19:00:48Z logger.go:66:                         }
TestTerraformSchemaExample 2022-08-04T19:00:48Z logger.go:66:                     }
TestTerraformSchemaExample 2022-08-04T19:00:48Z logger.go:66:                   - mds            = {
TestTerraformSchemaExample 2022-08-04T19:00:48Z logger.go:66:                       - authentication = {
TestTerraformSchemaExample 2022-08-04T19:00:48Z logger.go:66:                           - bearer = {
TestTerraformSchemaExample 2022-08-04T19:00:48Z logger.go:66:                               - directoryPathInContainer = null
TestTerraformSchemaExample 2022-08-04T19:00:48Z logger.go:66:                               - secretRef                = null
TestTerraformSchemaExample 2022-08-04T19:00:48Z logger.go:66:                             }
TestTerraformSchemaExample 2022-08-04T19:00:48Z logger.go:66:                           - type   = null
TestTerraformSchemaExample 2022-08-04T19:00:48Z logger.go:66:                         }
TestTerraformSchemaExample 2022-08-04T19:00:48Z logger.go:66:                       - endpoint       = null
TestTerraformSchemaExample 2022-08-04T19:00:48Z logger.go:66:                       - tls            = {
TestTerraformSchemaExample 2022-08-04T19:00:48Z logger.go:66:                           - directoryPathInContainer = null
TestTerraformSchemaExample 2022-08-04T19:00:48Z logger.go:66:                           - enabled                  = null
TestTerraformSchemaExample 2022-08-04T19:00:48Z logger.go:66:                           - ignoreTrustStoreConfig   = null
TestTerraformSchemaExample 2022-08-04T19:00:48Z logger.go:66:                           - jksPassword              = {
TestTerraformSchemaExample 2022-08-04T19:00:48Z logger.go:66:                               - secretRef = null
TestTerraformSchemaExample 2022-08-04T19:00:48Z logger.go:66:                             }
TestTerraformSchemaExample 2022-08-04T19:00:48Z logger.go:66:                           - secretRef                = null
TestTerraformSchemaExample 2022-08-04T19:00:48Z logger.go:66:                         }
TestTerraformSchemaExample 2022-08-04T19:00:48Z logger.go:66:                       - tokenKeyPair   = {
TestTerraformSchemaExample 2022-08-04T19:00:48Z logger.go:66:                           - directoryPathInContainer = null
TestTerraformSchemaExample 2022-08-04T19:00:48Z logger.go:66:                           - secretRef                = null
TestTerraformSchemaExample 2022-08-04T19:00:48Z logger.go:66:                         }
TestTerraformSchemaExample 2022-08-04T19:00:48Z logger.go:66:                     }
TestTerraformSchemaExample 2022-08-04T19:00:48Z logger.go:66:                   - producer       = {
TestTerraformSchemaExample 2022-08-04T19:00:48Z logger.go:66:                       - authentication    = {
TestTerraformSchemaExample 2022-08-04T19:00:48Z logger.go:66:                           - jaasConfig            = {
TestTerraformSchemaExample 2022-08-04T19:00:48Z logger.go:66:                               - secretRef = null
TestTerraformSchemaExample 2022-08-04T19:00:48Z logger.go:66:                             }
TestTerraformSchemaExample 2022-08-04T19:00:48Z logger.go:66:                           - jaasConfigPassThrough = {
TestTerraformSchemaExample 2022-08-04T19:00:48Z logger.go:66:                               - directoryPathInContainer = null
TestTerraformSchemaExample 2022-08-04T19:00:48Z logger.go:66:                               - secretRef                = null
TestTerraformSchemaExample 2022-08-04T19:00:48Z logger.go:66:                             }
TestTerraformSchemaExample 2022-08-04T19:00:48Z logger.go:66:                           - oauthbearer           = {
TestTerraformSchemaExample 2022-08-04T19:00:48Z logger.go:66:                               - directoryPathInContainer = null
TestTerraformSchemaExample 2022-08-04T19:00:48Z logger.go:66:                               - secretRef                = null
TestTerraformSchemaExample 2022-08-04T19:00:48Z logger.go:66:                             }
TestTerraformSchemaExample 2022-08-04T19:00:48Z logger.go:66:                           - type                  = null
TestTerraformSchemaExample 2022-08-04T19:00:48Z logger.go:66:                         }
TestTerraformSchemaExample 2022-08-04T19:00:48Z logger.go:66:                       - bootstrapEndpoint = null
TestTerraformSchemaExample 2022-08-04T19:00:48Z logger.go:66:                       - discovery         = {
TestTerraformSchemaExample 2022-08-04T19:00:48Z logger.go:66:                           - name      = null
TestTerraformSchemaExample 2022-08-04T19:00:48Z logger.go:66:                           - namespace = null
TestTerraformSchemaExample 2022-08-04T19:00:48Z logger.go:66:                           - secretRef = null
TestTerraformSchemaExample 2022-08-04T19:00:48Z logger.go:66:                         }
TestTerraformSchemaExample 2022-08-04T19:00:48Z logger.go:66:                       - tls               = {
TestTerraformSchemaExample 2022-08-04T19:00:48Z logger.go:66:                           - directoryPathInContainer = null
TestTerraformSchemaExample 2022-08-04T19:00:48Z logger.go:66:                           - enabled                  = null
TestTerraformSchemaExample 2022-08-04T19:00:48Z logger.go:66:                           - ignoreTrustStoreConfig   = null
TestTerraformSchemaExample 2022-08-04T19:00:48Z logger.go:66:                           - jksPassword              = {
TestTerraformSchemaExample 2022-08-04T19:00:48Z logger.go:66:                               - secretRef = null
TestTerraformSchemaExample 2022-08-04T19:00:48Z logger.go:66:                             }
TestTerraformSchemaExample 2022-08-04T19:00:48Z logger.go:66:                           - secretRef                = null
TestTerraformSchemaExample 2022-08-04T19:00:48Z logger.go:66:                         }
TestTerraformSchemaExample 2022-08-04T19:00:48Z logger.go:66:                     }
TestTerraformSchemaExample 2022-08-04T19:00:48Z logger.go:66:                   - schemaRegistry = {
TestTerraformSchemaExample 2022-08-04T19:00:48Z logger.go:66:                       - authentication = {
TestTerraformSchemaExample 2022-08-04T19:00:48Z logger.go:66:                           - basic = {
TestTerraformSchemaExample 2022-08-04T19:00:48Z logger.go:66:                               - debug                    = null
TestTerraformSchemaExample 2022-08-04T19:00:48Z logger.go:66:                               - directoryPathInContainer = null
TestTerraformSchemaExample 2022-08-04T19:00:48Z logger.go:66:                               - restrictedRoles          = null
TestTerraformSchemaExample 2022-08-04T19:00:48Z logger.go:66:                               - roles                    = null
TestTerraformSchemaExample 2022-08-04T19:00:48Z logger.go:66:                               - secretRef                = null
TestTerraformSchemaExample 2022-08-04T19:00:48Z logger.go:66:                             }
TestTerraformSchemaExample 2022-08-04T19:00:48Z logger.go:66:                           - type  = null
TestTerraformSchemaExample 2022-08-04T19:00:48Z logger.go:66:                         }
TestTerraformSchemaExample 2022-08-04T19:00:48Z logger.go:66:                       - tls            = {
TestTerraformSchemaExample 2022-08-04T19:00:48Z logger.go:66:                           - directoryPathInContainer = null
TestTerraformSchemaExample 2022-08-04T19:00:48Z logger.go:66:                           - enabled                  = null
TestTerraformSchemaExample 2022-08-04T19:00:48Z logger.go:66:                           - ignoreTrustStoreConfig   = null
TestTerraformSchemaExample 2022-08-04T19:00:48Z logger.go:66:                           - jksPassword              = {
TestTerraformSchemaExample 2022-08-04T19:00:48Z logger.go:66:                               - secretRef = null
TestTerraformSchemaExample 2022-08-04T19:00:48Z logger.go:66:                             }
TestTerraformSchemaExample 2022-08-04T19:00:48Z logger.go:66:                           - secretRef                = null
TestTerraformSchemaExample 2022-08-04T19:00:48Z logger.go:66:                         }
TestTerraformSchemaExample 2022-08-04T19:00:48Z logger.go:66:                       - url            = null
TestTerraformSchemaExample 2022-08-04T19:00:48Z logger.go:66:                     }
TestTerraformSchemaExample 2022-08-04T19:00:48Z logger.go:66:                 }
TestTerraformSchemaExample 2022-08-04T19:00:48Z logger.go:66:               - enableSchemas                  = null
TestTerraformSchemaExample 2022-08-04T19:00:48Z logger.go:66:               - externalAccess                 = {
TestTerraformSchemaExample 2022-08-04T19:00:48Z logger.go:66:                   - loadBalancer = {
TestTerraformSchemaExample 2022-08-04T19:00:48Z logger.go:66:                       - advertisedURL            = {
TestTerraformSchemaExample 2022-08-04T19:00:48Z logger.go:66:                           - enabled = null
TestTerraformSchemaExample 2022-08-04T19:00:48Z logger.go:66:                           - prefix  = null
TestTerraformSchemaExample 2022-08-04T19:00:48Z logger.go:66:                         }
TestTerraformSchemaExample 2022-08-04T19:00:48Z logger.go:66:                       - annotations              = null
TestTerraformSchemaExample 2022-08-04T19:00:48Z logger.go:66:                       - domain                   = null
TestTerraformSchemaExample 2022-08-04T19:00:48Z logger.go:66:                       - externalTrafficPolicy    = null
TestTerraformSchemaExample 2022-08-04T19:00:48Z logger.go:66:                       - labels                   = null
TestTerraformSchemaExample 2022-08-04T19:00:48Z logger.go:66:                       - loadBalancerSourceRanges = null
TestTerraformSchemaExample 2022-08-04T19:00:48Z logger.go:66:                       - port                     = null
TestTerraformSchemaExample 2022-08-04T19:00:48Z logger.go:66:                       - prefix                   = null
TestTerraformSchemaExample 2022-08-04T19:00:48Z logger.go:66:                       - servicePorts             = null
TestTerraformSchemaExample 2022-08-04T19:00:48Z logger.go:66:                       - sessionAffinity          = null
TestTerraformSchemaExample 2022-08-04T19:00:48Z logger.go:66:                       - sessionAffinityConfig    = {
TestTerraformSchemaExample 2022-08-04T19:00:48Z logger.go:66:                           - clientIP = {
TestTerraformSchemaExample 2022-08-04T19:00:48Z logger.go:66:                               - timeoutSeconds = null
TestTerraformSchemaExample 2022-08-04T19:00:48Z logger.go:66:                             }
TestTerraformSchemaExample 2022-08-04T19:00:48Z logger.go:66:                         }
TestTerraformSchemaExample 2022-08-04T19:00:48Z logger.go:66:                     }
TestTerraformSchemaExample 2022-08-04T19:00:48Z logger.go:66:                   - nodePort     = {
TestTerraformSchemaExample 2022-08-04T19:00:48Z logger.go:66:                       - advertisedURL         = {
TestTerraformSchemaExample 2022-08-04T19:00:48Z logger.go:66:                           - enabled = null
TestTerraformSchemaExample 2022-08-04T19:00:48Z logger.go:66:                           - prefix  = null
TestTerraformSchemaExample 2022-08-04T19:00:48Z logger.go:66:                         }
TestTerraformSchemaExample 2022-08-04T19:00:48Z logger.go:66:                       - annotations           = null
TestTerraformSchemaExample 2022-08-04T19:00:48Z logger.go:66:                       - externalTrafficPolicy = null
TestTerraformSchemaExample 2022-08-04T19:00:48Z logger.go:66:                       - host                  = null
TestTerraformSchemaExample 2022-08-04T19:00:48Z logger.go:66:                       - labels                = null
TestTerraformSchemaExample 2022-08-04T19:00:48Z logger.go:66:                       - nodePortOffset        = null
TestTerraformSchemaExample 2022-08-04T19:00:48Z logger.go:66:                       - servicePorts          = null
TestTerraformSchemaExample 2022-08-04T19:00:48Z logger.go:66:                       - sessionAffinity       = null
TestTerraformSchemaExample 2022-08-04T19:00:48Z logger.go:66:                       - sessionAffinityConfig = {
TestTerraformSchemaExample 2022-08-04T19:00:48Z logger.go:66:                           - clientIP = {
TestTerraformSchemaExample 2022-08-04T19:00:48Z logger.go:66:                               - timeoutSeconds = null
TestTerraformSchemaExample 2022-08-04T19:00:48Z logger.go:66:                             }
TestTerraformSchemaExample 2022-08-04T19:00:48Z logger.go:66:                         }
TestTerraformSchemaExample 2022-08-04T19:00:48Z logger.go:66:                     }
TestTerraformSchemaExample 2022-08-04T19:00:48Z logger.go:66:                   - route        = {
TestTerraformSchemaExample 2022-08-04T19:00:48Z logger.go:66:                       - annotations    = null
TestTerraformSchemaExample 2022-08-04T19:00:48Z logger.go:66:                       - domain         = null
TestTerraformSchemaExample 2022-08-04T19:00:48Z logger.go:66:                       - labels         = null
TestTerraformSchemaExample 2022-08-04T19:00:48Z logger.go:66:                       - prefix         = null
TestTerraformSchemaExample 2022-08-04T19:00:48Z logger.go:66:                       - wildcardPolicy = null
TestTerraformSchemaExample 2022-08-04T19:00:48Z logger.go:66:                     }
TestTerraformSchemaExample 2022-08-04T19:00:48Z logger.go:66:                   - type         = null
TestTerraformSchemaExample 2022-08-04T19:00:48Z logger.go:66:                 }
TestTerraformSchemaExample 2022-08-04T19:00:48Z logger.go:66:               - headlessService                = {
TestTerraformSchemaExample 2022-08-04T19:00:48Z logger.go:66:                   - annotations              = null
TestTerraformSchemaExample 2022-08-04T19:00:48Z logger.go:66:                   - labels                   = null
TestTerraformSchemaExample 2022-08-04T19:00:48Z logger.go:66:                   - publishNotReadyAddresses = null
TestTerraformSchemaExample 2022-08-04T19:00:48Z logger.go:66:                 }
TestTerraformSchemaExample 2022-08-04T19:00:48Z logger.go:66:               - image                          = {
TestTerraformSchemaExample 2022-08-04T19:00:48Z logger.go:66:                   - application   = "confluentinc/cp-server-connect:7.2.0"
TestTerraformSchemaExample 2022-08-04T19:00:48Z logger.go:66:                   - init          = "confluentinc/confluent-init-container:2.4.0"
TestTerraformSchemaExample 2022-08-04T19:00:48Z logger.go:66:                   - pullPolicy    = null
TestTerraformSchemaExample 2022-08-04T19:00:48Z logger.go:66:                   - pullSecretRef = null
TestTerraformSchemaExample 2022-08-04T19:00:48Z logger.go:66:                 }
TestTerraformSchemaExample 2022-08-04T19:00:48Z logger.go:66:               - injectAnnotations              = null
TestTerraformSchemaExample 2022-08-04T19:00:48Z logger.go:66:               - injectLabels                   = null
TestTerraformSchemaExample 2022-08-04T19:00:48Z logger.go:66:               - internalTopicReplicationFactor = null
TestTerraformSchemaExample 2022-08-04T19:00:48Z logger.go:66:               - k8sClusterDomain               = null
TestTerraformSchemaExample 2022-08-04T19:00:48Z logger.go:66:               - keyConverterType               = null
TestTerraformSchemaExample 2022-08-04T19:00:48Z logger.go:66:               - license                        = {
TestTerraformSchemaExample 2022-08-04T19:00:48Z logger.go:66:                   - directoryPathInContainer = null
TestTerraformSchemaExample 2022-08-04T19:00:48Z logger.go:66:                   - globalLicense            = null
TestTerraformSchemaExample 2022-08-04T19:00:48Z logger.go:66:                   - secretRef                = null
TestTerraformSchemaExample 2022-08-04T19:00:48Z logger.go:66:                 }
TestTerraformSchemaExample 2022-08-04T19:00:48Z logger.go:66:               - metrics                        = {
TestTerraformSchemaExample 2022-08-04T19:00:48Z logger.go:66:                   - authentication = {
TestTerraformSchemaExample 2022-08-04T19:00:48Z logger.go:66:                       - type = null
TestTerraformSchemaExample 2022-08-04T19:00:48Z logger.go:66:                     }
TestTerraformSchemaExample 2022-08-04T19:00:48Z logger.go:66:                   - prometheus     = {
TestTerraformSchemaExample 2022-08-04T19:00:48Z logger.go:66:                       - blacklist = null
TestTerraformSchemaExample 2022-08-04T19:00:48Z logger.go:66:                       - rules     = null
TestTerraformSchemaExample 2022-08-04T19:00:48Z logger.go:66:                       - whitelist = null
TestTerraformSchemaExample 2022-08-04T19:00:48Z logger.go:66:                     }
TestTerraformSchemaExample 2022-08-04T19:00:48Z logger.go:66:                   - tls            = {
TestTerraformSchemaExample 2022-08-04T19:00:48Z logger.go:66:                       - directoryPathInContainer = null
TestTerraformSchemaExample 2022-08-04T19:00:48Z logger.go:66:                       - enabled                  = null
TestTerraformSchemaExample 2022-08-04T19:00:48Z logger.go:66:                       - ignoreTrustStoreConfig   = null
TestTerraformSchemaExample 2022-08-04T19:00:48Z logger.go:66:                       - jksPassword              = {
TestTerraformSchemaExample 2022-08-04T19:00:48Z logger.go:66:                           - secretRef = null
TestTerraformSchemaExample 2022-08-04T19:00:48Z logger.go:66:                         }
TestTerraformSchemaExample 2022-08-04T19:00:48Z logger.go:66:                       - secretRef                = null
TestTerraformSchemaExample 2022-08-04T19:00:48Z logger.go:66:                     }
TestTerraformSchemaExample 2022-08-04T19:00:48Z logger.go:66:                 }
TestTerraformSchemaExample 2022-08-04T19:00:48Z logger.go:66:               - mountedSecrets                 = null
TestTerraformSchemaExample 2022-08-04T19:00:48Z logger.go:66:               - mountedVolumes                 = {
TestTerraformSchemaExample 2022-08-04T19:00:48Z logger.go:66:                   - volumeMounts = null
TestTerraformSchemaExample 2022-08-04T19:00:48Z logger.go:66:                   - volumes      = null
TestTerraformSchemaExample 2022-08-04T19:00:48Z logger.go:66:                 }
TestTerraformSchemaExample 2022-08-04T19:00:48Z logger.go:66:               - oneReplicaPerNode              = null
TestTerraformSchemaExample 2022-08-04T19:00:48Z logger.go:66:               - podTemplate                    = {
TestTerraformSchemaExample 2022-08-04T19:00:48Z logger.go:66:                   - affinity                      = {
TestTerraformSchemaExample 2022-08-04T19:00:48Z logger.go:66:                       - nodeAffinity    = {
TestTerraformSchemaExample 2022-08-04T19:00:48Z logger.go:66:                           - preferredDuringSchedulingIgnoredDuringExecution = null
TestTerraformSchemaExample 2022-08-04T19:00:48Z logger.go:66:                           - requiredDuringSchedulingIgnoredDuringExecution  = {
TestTerraformSchemaExample 2022-08-04T19:00:48Z logger.go:66:                               - nodeSelectorTerms = null
TestTerraformSchemaExample 2022-08-04T19:00:48Z logger.go:66:                             }
TestTerraformSchemaExample 2022-08-04T19:00:48Z logger.go:66:                         }
TestTerraformSchemaExample 2022-08-04T19:00:48Z logger.go:66:                       - podAffinity     = {
TestTerraformSchemaExample 2022-08-04T19:00:48Z logger.go:66:                           - preferredDuringSchedulingIgnoredDuringExecution = null
TestTerraformSchemaExample 2022-08-04T19:00:48Z logger.go:66:                           - requiredDuringSchedulingIgnoredDuringExecution  = null
TestTerraformSchemaExample 2022-08-04T19:00:48Z logger.go:66:                         }
TestTerraformSchemaExample 2022-08-04T19:00:48Z logger.go:66:                       - podAntiAffinity = {
TestTerraformSchemaExample 2022-08-04T19:00:48Z logger.go:66:                           - preferredDuringSchedulingIgnoredDuringExecution = null
TestTerraformSchemaExample 2022-08-04T19:00:48Z logger.go:66:                           - requiredDuringSchedulingIgnoredDuringExecution  = null
TestTerraformSchemaExample 2022-08-04T19:00:48Z logger.go:66:                         }
TestTerraformSchemaExample 2022-08-04T19:00:48Z logger.go:66:                     }
TestTerraformSchemaExample 2022-08-04T19:00:48Z logger.go:66:                   - annotations                   = null
TestTerraformSchemaExample 2022-08-04T19:00:48Z logger.go:66:                   - envVars                       = null
TestTerraformSchemaExample 2022-08-04T19:00:48Z logger.go:66:                   - labels                        = null
TestTerraformSchemaExample 2022-08-04T19:00:48Z logger.go:66:                   - podSecurityContext            = {
TestTerraformSchemaExample 2022-08-04T19:00:48Z logger.go:66:                       - fsGroup             = null
TestTerraformSchemaExample 2022-08-04T19:00:48Z logger.go:66:                       - fsGroupChangePolicy = null
TestTerraformSchemaExample 2022-08-04T19:00:48Z logger.go:66:                       - runAsGroup          = null
TestTerraformSchemaExample 2022-08-04T19:00:48Z logger.go:66:                       - runAsNonRoot        = null
TestTerraformSchemaExample 2022-08-04T19:00:48Z logger.go:66:                       - runAsUser           = null
TestTerraformSchemaExample 2022-08-04T19:00:48Z logger.go:66:                       - seLinuxOptions      = {
TestTerraformSchemaExample 2022-08-04T19:00:48Z logger.go:66:                           - level = null
TestTerraformSchemaExample 2022-08-04T19:00:48Z logger.go:66:                           - role  = null
TestTerraformSchemaExample 2022-08-04T19:00:48Z logger.go:66:                           - type  = null
TestTerraformSchemaExample 2022-08-04T19:00:48Z logger.go:66:                           - user  = null
TestTerraformSchemaExample 2022-08-04T19:00:48Z logger.go:66:                         }
TestTerraformSchemaExample 2022-08-04T19:00:48Z logger.go:66:                       - seccompProfile      = {
TestTerraformSchemaExample 2022-08-04T19:00:48Z logger.go:66:                           - localhostProfile = null
TestTerraformSchemaExample 2022-08-04T19:00:48Z logger.go:66:                           - type             = null
TestTerraformSchemaExample 2022-08-04T19:00:48Z logger.go:66:                         }
TestTerraformSchemaExample 2022-08-04T19:00:48Z logger.go:66:                       - supplementalGroups  = null
TestTerraformSchemaExample 2022-08-04T19:00:48Z logger.go:66:                       - sysctls             = null
TestTerraformSchemaExample 2022-08-04T19:00:48Z logger.go:66:                       - windowsOptions      = {
TestTerraformSchemaExample 2022-08-04T19:00:48Z logger.go:66:                           - gmsaCredentialSpec     = null
TestTerraformSchemaExample 2022-08-04T19:00:48Z logger.go:66:                           - gmsaCredentialSpecName = null
TestTerraformSchemaExample 2022-08-04T19:00:48Z logger.go:66:                           - hostProcess            = null
TestTerraformSchemaExample 2022-08-04T19:00:48Z logger.go:66:                           - runAsUserName          = null
TestTerraformSchemaExample 2022-08-04T19:00:48Z logger.go:66:                         }
TestTerraformSchemaExample 2022-08-04T19:00:48Z logger.go:66:                     }
TestTerraformSchemaExample 2022-08-04T19:00:48Z logger.go:66:                   - priorityClassName             = null
TestTerraformSchemaExample 2022-08-04T19:00:48Z logger.go:66:                   - probe                         = {
TestTerraformSchemaExample 2022-08-04T19:00:48Z logger.go:66:                       - liveness  = {
TestTerraformSchemaExample 2022-08-04T19:00:48Z logger.go:66:                           - failureThreshold    = null
TestTerraformSchemaExample 2022-08-04T19:00:48Z logger.go:66:                           - initialDelaySeconds = null
TestTerraformSchemaExample 2022-08-04T19:00:48Z logger.go:66:                           - periodSeconds       = null
TestTerraformSchemaExample 2022-08-04T19:00:48Z logger.go:66:                           - successThreshold    = null
TestTerraformSchemaExample 2022-08-04T19:00:48Z logger.go:66:                           - timeoutSeconds      = null
TestTerraformSchemaExample 2022-08-04T19:00:48Z logger.go:66:                         }
TestTerraformSchemaExample 2022-08-04T19:00:48Z logger.go:66:                       - readiness = {
TestTerraformSchemaExample 2022-08-04T19:00:48Z logger.go:66:                           - failureThreshold    = null
TestTerraformSchemaExample 2022-08-04T19:00:48Z logger.go:66:                           - initialDelaySeconds = null
TestTerraformSchemaExample 2022-08-04T19:00:48Z logger.go:66:                           - periodSeconds       = null
TestTerraformSchemaExample 2022-08-04T19:00:48Z logger.go:66:                           - successThreshold    = null
TestTerraformSchemaExample 2022-08-04T19:00:48Z logger.go:66:                           - timeoutSeconds      = null
TestTerraformSchemaExample 2022-08-04T19:00:48Z logger.go:66:                         }
TestTerraformSchemaExample 2022-08-04T19:00:48Z logger.go:66:                     }
TestTerraformSchemaExample 2022-08-04T19:00:48Z logger.go:66:                   - resources                     = {
TestTerraformSchemaExample 2022-08-04T19:00:48Z logger.go:66:                       - limits   = null
TestTerraformSchemaExample 2022-08-04T19:00:48Z logger.go:66:                       - requests = null
TestTerraformSchemaExample 2022-08-04T19:00:48Z logger.go:66:                     }
TestTerraformSchemaExample 2022-08-04T19:00:48Z logger.go:66:                   - securityContext               = {
TestTerraformSchemaExample 2022-08-04T19:00:48Z logger.go:66:                       - allowPrivilegeEscalation = null
TestTerraformSchemaExample 2022-08-04T19:00:48Z logger.go:66:                       - capabilities             = {
TestTerraformSchemaExample 2022-08-04T19:00:48Z logger.go:66:                           - add  = null
TestTerraformSchemaExample 2022-08-04T19:00:48Z logger.go:66:                           - drop = null
TestTerraformSchemaExample 2022-08-04T19:00:48Z logger.go:66:                         }
TestTerraformSchemaExample 2022-08-04T19:00:48Z logger.go:66:                       - privileged               = null
TestTerraformSchemaExample 2022-08-04T19:00:48Z logger.go:66:                       - procMount                = null
TestTerraformSchemaExample 2022-08-04T19:00:48Z logger.go:66:                       - readOnlyRootFilesystem   = null
TestTerraformSchemaExample 2022-08-04T19:00:48Z logger.go:66:                       - runAsGroup               = null
TestTerraformSchemaExample 2022-08-04T19:00:48Z logger.go:66:                       - runAsNonRoot             = null
TestTerraformSchemaExample 2022-08-04T19:00:48Z logger.go:66:                       - runAsUser                = null
TestTerraformSchemaExample 2022-08-04T19:00:48Z logger.go:66:                       - seLinuxOptions           = {
TestTerraformSchemaExample 2022-08-04T19:00:48Z logger.go:66:                           - level = null
TestTerraformSchemaExample 2022-08-04T19:00:48Z logger.go:66:                           - role  = null
TestTerraformSchemaExample 2022-08-04T19:00:48Z logger.go:66:                           - type  = null
TestTerraformSchemaExample 2022-08-04T19:00:48Z logger.go:66:                           - user  = null
TestTerraformSchemaExample 2022-08-04T19:00:48Z logger.go:66:                         }
TestTerraformSchemaExample 2022-08-04T19:00:48Z logger.go:66:                       - seccompProfile           = {
TestTerraformSchemaExample 2022-08-04T19:00:48Z logger.go:66:                           - localhostProfile = null
TestTerraformSchemaExample 2022-08-04T19:00:48Z logger.go:66:                           - type             = null
TestTerraformSchemaExample 2022-08-04T19:00:48Z logger.go:66:                         }
TestTerraformSchemaExample 2022-08-04T19:00:48Z logger.go:66:                       - windowsOptions           = {
TestTerraformSchemaExample 2022-08-04T19:00:48Z logger.go:66:                           - gmsaCredentialSpec     = null
TestTerraformSchemaExample 2022-08-04T19:00:48Z logger.go:66:                           - gmsaCredentialSpecName = null
TestTerraformSchemaExample 2022-08-04T19:00:48Z logger.go:66:                           - hostProcess            = null
TestTerraformSchemaExample 2022-08-04T19:00:48Z logger.go:66:                           - runAsUserName          = null
TestTerraformSchemaExample 2022-08-04T19:00:48Z logger.go:66:                         }
TestTerraformSchemaExample 2022-08-04T19:00:48Z logger.go:66:                     }
TestTerraformSchemaExample 2022-08-04T19:00:48Z logger.go:66:                   - serviceAccountName            = null
TestTerraformSchemaExample 2022-08-04T19:00:48Z logger.go:66:                   - terminationGracePeriodSeconds = null
TestTerraformSchemaExample 2022-08-04T19:00:48Z logger.go:66:                   - tolerations                   = null
TestTerraformSchemaExample 2022-08-04T19:00:48Z logger.go:66:                   - topologySpreadConstraints     = null
TestTerraformSchemaExample 2022-08-04T19:00:48Z logger.go:66:                 }
TestTerraformSchemaExample 2022-08-04T19:00:48Z logger.go:66:               - replicas                       = 1
TestTerraformSchemaExample 2022-08-04T19:00:48Z logger.go:66:               - telemetry                      = {
TestTerraformSchemaExample 2022-08-04T19:00:48Z logger.go:66:                   - global = null
TestTerraformSchemaExample 2022-08-04T19:00:48Z logger.go:66:                 }
TestTerraformSchemaExample 2022-08-04T19:00:48Z logger.go:66:               - tls                            = {
TestTerraformSchemaExample 2022-08-04T19:00:48Z logger.go:66:                   - autoGeneratedCerts       = null
TestTerraformSchemaExample 2022-08-04T19:00:48Z logger.go:66:                   - directoryPathInContainer = null
TestTerraformSchemaExample 2022-08-04T19:00:48Z logger.go:66:                   - ignoreTrustStoreConfig   = null
TestTerraformSchemaExample 2022-08-04T19:00:48Z logger.go:66:                   - jksPassword              = {
TestTerraformSchemaExample 2022-08-04T19:00:48Z logger.go:66:                       - secretRef = null
TestTerraformSchemaExample 2022-08-04T19:00:48Z logger.go:66:                     }
TestTerraformSchemaExample 2022-08-04T19:00:48Z logger.go:66:                   - secretRef                = null
TestTerraformSchemaExample 2022-08-04T19:00:48Z logger.go:66:                 }
TestTerraformSchemaExample 2022-08-04T19:00:48Z logger.go:66:               - valueConverterType             = null
TestTerraformSchemaExample 2022-08-04T19:00:48Z logger.go:66:             }
TestTerraformSchemaExample 2022-08-04T19:00:48Z logger.go:66:         } -> null
TestTerraformSchemaExample 2022-08-04T19:00:48Z logger.go:66:
TestTerraformSchemaExample 2022-08-04T19:00:48Z logger.go:66:       - timeouts {
TestTerraformSchemaExample 2022-08-04T19:00:48Z logger.go:66:           - create = "1h" -> null
TestTerraformSchemaExample 2022-08-04T19:00:48Z logger.go:66:           - delete = "10m" -> null
TestTerraformSchemaExample 2022-08-04T19:00:48Z logger.go:66:           - update = "1h" -> null
TestTerraformSchemaExample 2022-08-04T19:00:48Z logger.go:66:         }
TestTerraformSchemaExample 2022-08-04T19:00:48Z logger.go:66:
TestTerraformSchemaExample 2022-08-04T19:00:48Z logger.go:66:       - wait {
TestTerraformSchemaExample 2022-08-04T19:00:48Z logger.go:66:           - fields = {
TestTerraformSchemaExample 2022-08-04T19:00:48Z logger.go:66:               - "status.phase" = "RUNNING"
TestTerraformSchemaExample 2022-08-04T19:00:48Z logger.go:66:             } -> null
TestTerraformSchemaExample 2022-08-04T19:00:48Z logger.go:66:         }
TestTerraformSchemaExample 2022-08-04T19:00:48Z logger.go:66:     }
TestTerraformSchemaExample 2022-08-04T19:00:48Z logger.go:66:
TestTerraformSchemaExample 2022-08-04T19:00:48Z logger.go:66:   # module.confluent_platform.kubernetes_manifest.components["kafka"] will be destroyed
TestTerraformSchemaExample 2022-08-04T19:00:48Z logger.go:66:   - resource "kubernetes_manifest" "components" {
TestTerraformSchemaExample 2022-08-04T19:00:48Z logger.go:66:       - computed_fields = [
TestTerraformSchemaExample 2022-08-04T19:00:48Z logger.go:66:           - "metadata.finalizers",
TestTerraformSchemaExample 2022-08-04T19:00:48Z logger.go:66:         ] -> null
TestTerraformSchemaExample 2022-08-04T19:00:48Z logger.go:66:       - manifest        = {
TestTerraformSchemaExample 2022-08-04T19:00:48Z logger.go:66:           - apiVersion = "platform.confluent.io/v1beta1"
TestTerraformSchemaExample 2022-08-04T19:00:48Z logger.go:66:           - kind       = "Kafka"
TestTerraformSchemaExample 2022-08-04T19:00:48Z logger.go:66:           - metadata   = {
TestTerraformSchemaExample 2022-08-04T19:00:48Z logger.go:66:               - name      = "kafka"
TestTerraformSchemaExample 2022-08-04T19:00:48Z logger.go:66:               - namespace = "confluent"
TestTerraformSchemaExample 2022-08-04T19:00:48Z logger.go:66:             }
TestTerraformSchemaExample 2022-08-04T19:00:48Z logger.go:66:           - spec       = {
TestTerraformSchemaExample 2022-08-04T19:00:48Z logger.go:66:               - dataVolumeCapacity = "10Gi"
TestTerraformSchemaExample 2022-08-04T19:00:48Z logger.go:66:               - image              = {
TestTerraformSchemaExample 2022-08-04T19:00:48Z logger.go:66:                   - application = "confluentinc/cp-server:7.2.0"
TestTerraformSchemaExample 2022-08-04T19:00:48Z logger.go:66:                   - init        = "confluentinc/confluent-init-container:2.4.0"
TestTerraformSchemaExample 2022-08-04T19:00:48Z logger.go:66:                 }
TestTerraformSchemaExample 2022-08-04T19:00:48Z logger.go:66:               - metricReporter     = {
TestTerraformSchemaExample 2022-08-04T19:00:48Z logger.go:66:                   - enabled = true
TestTerraformSchemaExample 2022-08-04T19:00:48Z logger.go:66:                 }
TestTerraformSchemaExample 2022-08-04T19:00:48Z logger.go:66:               - replicas           = 3
TestTerraformSchemaExample 2022-08-04T19:00:48Z logger.go:66:             }
TestTerraformSchemaExample 2022-08-04T19:00:48Z logger.go:66:         } -> null
TestTerraformSchemaExample 2022-08-04T19:00:48Z logger.go:66:       - object          = {
TestTerraformSchemaExample 2022-08-04T19:00:48Z logger.go:66:           - apiVersion = "platform.confluent.io/v1beta1"
TestTerraformSchemaExample 2022-08-04T19:00:48Z logger.go:66:           - kind       = "Kafka"
TestTerraformSchemaExample 2022-08-04T19:00:48Z logger.go:66:           - metadata   = {
TestTerraformSchemaExample 2022-08-04T19:00:48Z logger.go:66:               - annotations                = {
TestTerraformSchemaExample 2022-08-04T19:00:48Z logger.go:66:                   - "platform.confluent.io/config-revision-hash"   = "t2bgf92bkh"
TestTerraformSchemaExample 2022-08-04T19:00:48Z logger.go:66:                   - "platform.confluent.io/last-pod-template-hash" = "c5dd99557"
TestTerraformSchemaExample 2022-08-04T19:00:48Z logger.go:66:                 }
TestTerraformSchemaExample 2022-08-04T19:00:48Z logger.go:66:               - clusterName                = null
TestTerraformSchemaExample 2022-08-04T19:00:48Z logger.go:66:               - creationTimestamp          = null
TestTerraformSchemaExample 2022-08-04T19:00:48Z logger.go:66:               - deletionGracePeriodSeconds = null
TestTerraformSchemaExample 2022-08-04T19:00:48Z logger.go:66:               - deletionTimestamp          = null
TestTerraformSchemaExample 2022-08-04T19:00:48Z logger.go:66:               - finalizers                 = [
TestTerraformSchemaExample 2022-08-04T19:00:48Z logger.go:66:                   - "kafka.finalizers.platform.confluent.io",
TestTerraformSchemaExample 2022-08-04T19:00:48Z logger.go:66:                 ]
TestTerraformSchemaExample 2022-08-04T19:00:48Z logger.go:66:               - generateName               = null
TestTerraformSchemaExample 2022-08-04T19:00:48Z logger.go:66:               - generation                 = null
TestTerraformSchemaExample 2022-08-04T19:00:48Z logger.go:66:               - labels                     = null
TestTerraformSchemaExample 2022-08-04T19:00:48Z logger.go:66:               - managedFields              = null
TestTerraformSchemaExample 2022-08-04T19:00:48Z logger.go:66:               - name                       = "kafka"
TestTerraformSchemaExample 2022-08-04T19:00:48Z logger.go:66:               - namespace                  = "confluent"
TestTerraformSchemaExample 2022-08-04T19:00:48Z logger.go:66:               - ownerReferences            = null
TestTerraformSchemaExample 2022-08-04T19:00:48Z logger.go:66:               - resourceVersion            = null
TestTerraformSchemaExample 2022-08-04T19:00:48Z logger.go:66:               - selfLink                   = null
TestTerraformSchemaExample 2022-08-04T19:00:48Z logger.go:66:               - uid                        = null
TestTerraformSchemaExample 2022-08-04T19:00:48Z logger.go:66:             }
TestTerraformSchemaExample 2022-08-04T19:00:48Z logger.go:66:           - spec       = {
TestTerraformSchemaExample 2022-08-04T19:00:48Z logger.go:66:               - authorization      = {
TestTerraformSchemaExample 2022-08-04T19:00:48Z logger.go:66:                   - superUsers = null
TestTerraformSchemaExample 2022-08-04T19:00:48Z logger.go:66:                   - type       = null
TestTerraformSchemaExample 2022-08-04T19:00:48Z logger.go:66:                 }
TestTerraformSchemaExample 2022-08-04T19:00:48Z logger.go:66:               - configOverrides    = {
TestTerraformSchemaExample 2022-08-04T19:00:48Z logger.go:66:                   - jvm    = null
TestTerraformSchemaExample 2022-08-04T19:00:48Z logger.go:66:                   - log4j  = null
TestTerraformSchemaExample 2022-08-04T19:00:48Z logger.go:66:                   - server = null
TestTerraformSchemaExample 2022-08-04T19:00:48Z logger.go:66:                 }
TestTerraformSchemaExample 2022-08-04T19:00:48Z logger.go:66:               - dataVolumeCapacity = "10Gi"
TestTerraformSchemaExample 2022-08-04T19:00:48Z logger.go:66:               - dependencies       = {
TestTerraformSchemaExample 2022-08-04T19:00:48Z logger.go:66:                   - kafkaRest      = {
TestTerraformSchemaExample 2022-08-04T19:00:48Z logger.go:66:                       - authentication    = {
TestTerraformSchemaExample 2022-08-04T19:00:48Z logger.go:66:                           - bearer                = {
TestTerraformSchemaExample 2022-08-04T19:00:48Z logger.go:66:                               - directoryPathInContainer = null
TestTerraformSchemaExample 2022-08-04T19:00:48Z logger.go:66:                               - secretRef                = null
TestTerraformSchemaExample 2022-08-04T19:00:48Z logger.go:66:                             }
TestTerraformSchemaExample 2022-08-04T19:00:48Z logger.go:66:                           - jaasConfig            = {
TestTerraformSchemaExample 2022-08-04T19:00:48Z logger.go:66:                               - secretRef = null
TestTerraformSchemaExample 2022-08-04T19:00:48Z logger.go:66:                             }
TestTerraformSchemaExample 2022-08-04T19:00:48Z logger.go:66:                           - jaasConfigPassThrough = {
TestTerraformSchemaExample 2022-08-04T19:00:48Z logger.go:66:                               - directoryPathInContainer = null
TestTerraformSchemaExample 2022-08-04T19:00:48Z logger.go:66:                               - secretRef                = null
TestTerraformSchemaExample 2022-08-04T19:00:48Z logger.go:66:                             }
TestTerraformSchemaExample 2022-08-04T19:00:48Z logger.go:66:                           - oauthbearer           = {
TestTerraformSchemaExample 2022-08-04T19:00:48Z logger.go:66:                               - directoryPathInContainer = null
TestTerraformSchemaExample 2022-08-04T19:00:48Z logger.go:66:                               - secretRef                = null
TestTerraformSchemaExample 2022-08-04T19:00:48Z logger.go:66:                             }
TestTerraformSchemaExample 2022-08-04T19:00:48Z logger.go:66:                           - type                  = null
TestTerraformSchemaExample 2022-08-04T19:00:48Z logger.go:66:                         }
TestTerraformSchemaExample 2022-08-04T19:00:48Z logger.go:66:                       - bootstrapEndpoint = null
TestTerraformSchemaExample 2022-08-04T19:00:48Z logger.go:66:                       - endpoint          = null
TestTerraformSchemaExample 2022-08-04T19:00:48Z logger.go:66:                       - tls               = {
TestTerraformSchemaExample 2022-08-04T19:00:48Z logger.go:66:                           - directoryPathInContainer = null
TestTerraformSchemaExample 2022-08-04T19:00:48Z logger.go:66:                           - enabled                  = null
TestTerraformSchemaExample 2022-08-04T19:00:48Z logger.go:66:                           - ignoreTrustStoreConfig   = null
TestTerraformSchemaExample 2022-08-04T19:00:48Z logger.go:66:                           - jksPassword              = {
TestTerraformSchemaExample 2022-08-04T19:00:48Z logger.go:66:                               - secretRef = null
TestTerraformSchemaExample 2022-08-04T19:00:48Z logger.go:66:                             }
TestTerraformSchemaExample 2022-08-04T19:00:48Z logger.go:66:                           - secretRef                = null
TestTerraformSchemaExample 2022-08-04T19:00:48Z logger.go:66:                         }
TestTerraformSchemaExample 2022-08-04T19:00:48Z logger.go:66:                     }
TestTerraformSchemaExample 2022-08-04T19:00:48Z logger.go:66:                   - mds            = {
TestTerraformSchemaExample 2022-08-04T19:00:48Z logger.go:66:                       - endpoint     = null
TestTerraformSchemaExample 2022-08-04T19:00:48Z logger.go:66:                       - kafka        = {
TestTerraformSchemaExample 2022-08-04T19:00:48Z logger.go:66:                           - authentication    = {
TestTerraformSchemaExample 2022-08-04T19:00:48Z logger.go:66:                               - jaasConfig            = {
TestTerraformSchemaExample 2022-08-04T19:00:48Z logger.go:66:                                   - secretRef = null
TestTerraformSchemaExample 2022-08-04T19:00:48Z logger.go:66:                                 }
TestTerraformSchemaExample 2022-08-04T19:00:48Z logger.go:66:                               - jaasConfigPassThrough = {
TestTerraformSchemaExample 2022-08-04T19:00:48Z logger.go:66:                                   - directoryPathInContainer = null
TestTerraformSchemaExample 2022-08-04T19:00:48Z logger.go:66:                                   - secretRef                = null
TestTerraformSchemaExample 2022-08-04T19:00:48Z logger.go:66:                                 }
TestTerraformSchemaExample 2022-08-04T19:00:48Z logger.go:66:                               - oauthbearer           = {
TestTerraformSchemaExample 2022-08-04T19:00:48Z logger.go:66:                                   - directoryPathInContainer = null
TestTerraformSchemaExample 2022-08-04T19:00:48Z logger.go:66:                                   - secretRef                = null
TestTerraformSchemaExample 2022-08-04T19:00:48Z logger.go:66:                                 }
TestTerraformSchemaExample 2022-08-04T19:00:48Z logger.go:66:                               - type                  = null
TestTerraformSchemaExample 2022-08-04T19:00:48Z logger.go:66:                             }
TestTerraformSchemaExample 2022-08-04T19:00:48Z logger.go:66:                           - bootstrapEndpoint = null
TestTerraformSchemaExample 2022-08-04T19:00:48Z logger.go:66:                           - discovery         = {
TestTerraformSchemaExample 2022-08-04T19:00:48Z logger.go:66:                               - name      = null
TestTerraformSchemaExample 2022-08-04T19:00:48Z logger.go:66:                               - namespace = null
TestTerraformSchemaExample 2022-08-04T19:00:48Z logger.go:66:                               - secretRef = null
TestTerraformSchemaExample 2022-08-04T19:00:48Z logger.go:66:                             }
TestTerraformSchemaExample 2022-08-04T19:00:48Z logger.go:66:                           - tls               = {
TestTerraformSchemaExample 2022-08-04T19:00:48Z logger.go:66:                               - directoryPathInContainer = null
TestTerraformSchemaExample 2022-08-04T19:00:48Z logger.go:66:                               - enabled                  = null
TestTerraformSchemaExample 2022-08-04T19:00:48Z logger.go:66:                               - ignoreTrustStoreConfig   = null
TestTerraformSchemaExample 2022-08-04T19:00:48Z logger.go:66:                               - jksPassword              = {
TestTerraformSchemaExample 2022-08-04T19:00:48Z logger.go:66:                                   - secretRef = null
TestTerraformSchemaExample 2022-08-04T19:00:48Z logger.go:66:                                 }
TestTerraformSchemaExample 2022-08-04T19:00:48Z logger.go:66:                               - secretRef                = null
TestTerraformSchemaExample 2022-08-04T19:00:48Z logger.go:66:                             }
TestTerraformSchemaExample 2022-08-04T19:00:48Z logger.go:66:                         }
TestTerraformSchemaExample 2022-08-04T19:00:48Z logger.go:66:                       - tls          = {
TestTerraformSchemaExample 2022-08-04T19:00:48Z logger.go:66:                           - directoryPathInContainer = null
TestTerraformSchemaExample 2022-08-04T19:00:48Z logger.go:66:                           - enabled                  = null
TestTerraformSchemaExample 2022-08-04T19:00:48Z logger.go:66:                           - ignoreTrustStoreConfig   = null
TestTerraformSchemaExample 2022-08-04T19:00:48Z logger.go:66:                           - jksPassword              = {
TestTerraformSchemaExample 2022-08-04T19:00:48Z logger.go:66:                               - secretRef = null
TestTerraformSchemaExample 2022-08-04T19:00:48Z logger.go:66:                             }
TestTerraformSchemaExample 2022-08-04T19:00:48Z logger.go:66:                           - secretRef                = null
TestTerraformSchemaExample 2022-08-04T19:00:48Z logger.go:66:                         }
TestTerraformSchemaExample 2022-08-04T19:00:48Z logger.go:66:                       - tokenKeyPair = {
TestTerraformSchemaExample 2022-08-04T19:00:48Z logger.go:66:                           - directoryPathInContainer = null
TestTerraformSchemaExample 2022-08-04T19:00:48Z logger.go:66:                           - secretRef                = null
TestTerraformSchemaExample 2022-08-04T19:00:48Z logger.go:66:                         }
TestTerraformSchemaExample 2022-08-04T19:00:48Z logger.go:66:                     }
TestTerraformSchemaExample 2022-08-04T19:00:48Z logger.go:66:                   - schemaRegistry = {
TestTerraformSchemaExample 2022-08-04T19:00:48Z logger.go:66:                       - authentication = {
TestTerraformSchemaExample 2022-08-04T19:00:48Z logger.go:66:                           - basic = {
TestTerraformSchemaExample 2022-08-04T19:00:48Z logger.go:66:                               - debug                    = null
TestTerraformSchemaExample 2022-08-04T19:00:48Z logger.go:66:                               - directoryPathInContainer = null
TestTerraformSchemaExample 2022-08-04T19:00:48Z logger.go:66:                               - restrictedRoles          = null
TestTerraformSchemaExample 2022-08-04T19:00:48Z logger.go:66:                               - roles                    = null
TestTerraformSchemaExample 2022-08-04T19:00:48Z logger.go:66:                               - secretRef                = null
TestTerraformSchemaExample 2022-08-04T19:00:48Z logger.go:66:                             }
TestTerraformSchemaExample 2022-08-04T19:00:48Z logger.go:66:                           - type  = null
TestTerraformSchemaExample 2022-08-04T19:00:48Z logger.go:66:                         }
TestTerraformSchemaExample 2022-08-04T19:00:48Z logger.go:66:                       - tls            = {
TestTerraformSchemaExample 2022-08-04T19:00:48Z logger.go:66:                           - directoryPathInContainer = null
TestTerraformSchemaExample 2022-08-04T19:00:48Z logger.go:66:                           - enabled                  = null
TestTerraformSchemaExample 2022-08-04T19:00:48Z logger.go:66:                           - ignoreTrustStoreConfig   = null
TestTerraformSchemaExample 2022-08-04T19:00:48Z logger.go:66:                           - jksPassword              = {
TestTerraformSchemaExample 2022-08-04T19:00:48Z logger.go:66:                               - secretRef = null
TestTerraformSchemaExample 2022-08-04T19:00:48Z logger.go:66:                             }
TestTerraformSchemaExample 2022-08-04T19:00:48Z logger.go:66:                           - secretRef                = null
TestTerraformSchemaExample 2022-08-04T19:00:48Z logger.go:66:                         }
TestTerraformSchemaExample 2022-08-04T19:00:48Z logger.go:66:                       - url            = null
TestTerraformSchemaExample 2022-08-04T19:00:48Z logger.go:66:                     }
TestTerraformSchemaExample 2022-08-04T19:00:48Z logger.go:66:                   - zookeeper      = {
TestTerraformSchemaExample 2022-08-04T19:00:48Z logger.go:66:                       - authentication = {
TestTerraformSchemaExample 2022-08-04T19:00:48Z logger.go:66:                           - jaasConfig            = {
TestTerraformSchemaExample 2022-08-04T19:00:48Z logger.go:66:                               - secretRef = null
TestTerraformSchemaExample 2022-08-04T19:00:48Z logger.go:66:                             }
TestTerraformSchemaExample 2022-08-04T19:00:48Z logger.go:66:                           - jaasConfigPassThrough = {
TestTerraformSchemaExample 2022-08-04T19:00:48Z logger.go:66:                               - directoryPathInContainer = null
TestTerraformSchemaExample 2022-08-04T19:00:48Z logger.go:66:                               - secretRef                = null
TestTerraformSchemaExample 2022-08-04T19:00:48Z logger.go:66:                             }
TestTerraformSchemaExample 2022-08-04T19:00:48Z logger.go:66:                           - oauthbearer           = {
TestTerraformSchemaExample 2022-08-04T19:00:48Z logger.go:66:                               - directoryPathInContainer = null
TestTerraformSchemaExample 2022-08-04T19:00:48Z logger.go:66:                               - secretRef                = null
TestTerraformSchemaExample 2022-08-04T19:00:48Z logger.go:66:                             }
TestTerraformSchemaExample 2022-08-04T19:00:48Z logger.go:66:                           - type                  = null
TestTerraformSchemaExample 2022-08-04T19:00:48Z logger.go:66:                         }
TestTerraformSchemaExample 2022-08-04T19:00:48Z logger.go:66:                       - discovery      = {
TestTerraformSchemaExample 2022-08-04T19:00:48Z logger.go:66:                           - name      = null
TestTerraformSchemaExample 2022-08-04T19:00:48Z logger.go:66:                           - namespace = null
TestTerraformSchemaExample 2022-08-04T19:00:48Z logger.go:66:                           - secretRef = null
TestTerraformSchemaExample 2022-08-04T19:00:48Z logger.go:66:                         }
TestTerraformSchemaExample 2022-08-04T19:00:48Z logger.go:66:                       - endpoint       = null
TestTerraformSchemaExample 2022-08-04T19:00:48Z logger.go:66:                       - tls            = {
TestTerraformSchemaExample 2022-08-04T19:00:48Z logger.go:66:                           - directoryPathInContainer = null
TestTerraformSchemaExample 2022-08-04T19:00:48Z logger.go:66:                           - enabled                  = null
TestTerraformSchemaExample 2022-08-04T19:00:48Z logger.go:66:                           - ignoreTrustStoreConfig   = null
TestTerraformSchemaExample 2022-08-04T19:00:48Z logger.go:66:                           - jksPassword              = {
TestTerraformSchemaExample 2022-08-04T19:00:48Z logger.go:66:                               - secretRef = null
TestTerraformSchemaExample 2022-08-04T19:00:48Z logger.go:66:                             }
TestTerraformSchemaExample 2022-08-04T19:00:48Z logger.go:66:                           - secretRef                = null
TestTerraformSchemaExample 2022-08-04T19:00:48Z logger.go:66:                         }
TestTerraformSchemaExample 2022-08-04T19:00:48Z logger.go:66:                     }
TestTerraformSchemaExample 2022-08-04T19:00:48Z logger.go:66:                 }
TestTerraformSchemaExample 2022-08-04T19:00:48Z logger.go:66:               - headlessService    = {
TestTerraformSchemaExample 2022-08-04T19:00:48Z logger.go:66:                   - annotations              = null
TestTerraformSchemaExample 2022-08-04T19:00:48Z logger.go:66:                   - labels                   = null
TestTerraformSchemaExample 2022-08-04T19:00:48Z logger.go:66:                   - publishNotReadyAddresses = null
TestTerraformSchemaExample 2022-08-04T19:00:48Z logger.go:66:                 }
TestTerraformSchemaExample 2022-08-04T19:00:48Z logger.go:66:               - identityProvider   = {
TestTerraformSchemaExample 2022-08-04T19:00:48Z logger.go:66:                   - ldap = {
TestTerraformSchemaExample 2022-08-04T19:00:48Z logger.go:66:                       - address        = null
TestTerraformSchemaExample 2022-08-04T19:00:48Z logger.go:66:                       - authentication = {
TestTerraformSchemaExample 2022-08-04T19:00:48Z logger.go:66:                           - simple = {
TestTerraformSchemaExample 2022-08-04T19:00:48Z logger.go:66:                               - directoryPathInContainer = null
TestTerraformSchemaExample 2022-08-04T19:00:48Z logger.go:66:                               - secretRef                = null
TestTerraformSchemaExample 2022-08-04T19:00:48Z logger.go:66:                             }
TestTerraformSchemaExample 2022-08-04T19:00:48Z logger.go:66:                           - type   = null
TestTerraformSchemaExample 2022-08-04T19:00:48Z logger.go:66:                         }
TestTerraformSchemaExample 2022-08-04T19:00:48Z logger.go:66:                       - configurations = {
TestTerraformSchemaExample 2022-08-04T19:00:48Z logger.go:66:                           - groupMemberAttribute         = null
TestTerraformSchemaExample 2022-08-04T19:00:48Z logger.go:66:                           - groupMemberAttributePattern  = null
TestTerraformSchemaExample 2022-08-04T19:00:48Z logger.go:66:                           - groupNameAttribute           = null
TestTerraformSchemaExample 2022-08-04T19:00:48Z logger.go:66:                           - groupObjectClass             = null
TestTerraformSchemaExample 2022-08-04T19:00:48Z logger.go:66:                           - groupSearchBase              = null
TestTerraformSchemaExample 2022-08-04T19:00:48Z logger.go:66:                           - groupSearchFilter            = null
TestTerraformSchemaExample 2022-08-04T19:00:48Z logger.go:66:                           - groupSearchScope             = null
TestTerraformSchemaExample 2022-08-04T19:00:48Z logger.go:66:                           - userMemberOfAttributePattern = null
TestTerraformSchemaExample 2022-08-04T19:00:48Z logger.go:66:                           - userNameAttribute            = null
TestTerraformSchemaExample 2022-08-04T19:00:48Z logger.go:66:                           - userObjectClass              = null
TestTerraformSchemaExample 2022-08-04T19:00:48Z logger.go:66:                           - userSearchBase               = null
TestTerraformSchemaExample 2022-08-04T19:00:48Z logger.go:66:                           - userSearchFilter             = null
TestTerraformSchemaExample 2022-08-04T19:00:48Z logger.go:66:                           - userSearchScope              = null
TestTerraformSchemaExample 2022-08-04T19:00:48Z logger.go:66:                         }
TestTerraformSchemaExample 2022-08-04T19:00:48Z logger.go:66:                       - tls            = {
TestTerraformSchemaExample 2022-08-04T19:00:48Z logger.go:66:                           - directoryPathInContainer = null
TestTerraformSchemaExample 2022-08-04T19:00:48Z logger.go:66:                           - enabled                  = null
TestTerraformSchemaExample 2022-08-04T19:00:48Z logger.go:66:                           - ignoreTrustStoreConfig   = null
TestTerraformSchemaExample 2022-08-04T19:00:48Z logger.go:66:                           - jksPassword              = {
TestTerraformSchemaExample 2022-08-04T19:00:48Z logger.go:66:                               - secretRef = null
TestTerraformSchemaExample 2022-08-04T19:00:48Z logger.go:66:                             }
TestTerraformSchemaExample 2022-08-04T19:00:48Z logger.go:66:                           - secretRef                = null
TestTerraformSchemaExample 2022-08-04T19:00:48Z logger.go:66:                         }
TestTerraformSchemaExample 2022-08-04T19:00:48Z logger.go:66:                     }
TestTerraformSchemaExample 2022-08-04T19:00:48Z logger.go:66:                   - type = null
TestTerraformSchemaExample 2022-08-04T19:00:48Z logger.go:66:                 }
TestTerraformSchemaExample 2022-08-04T19:00:48Z logger.go:66:               - image              = {
TestTerraformSchemaExample 2022-08-04T19:00:48Z logger.go:66:                   - application   = "confluentinc/cp-server:7.2.0"
TestTerraformSchemaExample 2022-08-04T19:00:48Z logger.go:66:                   - init          = "confluentinc/confluent-init-container:2.4.0"
TestTerraformSchemaExample 2022-08-04T19:00:48Z logger.go:66:                   - pullPolicy    = null
TestTerraformSchemaExample 2022-08-04T19:00:48Z logger.go:66:                   - pullSecretRef = null
TestTerraformSchemaExample 2022-08-04T19:00:48Z logger.go:66:                 }
TestTerraformSchemaExample 2022-08-04T19:00:48Z logger.go:66:               - injectAnnotations  = null
TestTerraformSchemaExample 2022-08-04T19:00:48Z logger.go:66:               - injectLabels       = null
TestTerraformSchemaExample 2022-08-04T19:00:48Z logger.go:66:               - k8sClusterDomain   = null
TestTerraformSchemaExample 2022-08-04T19:00:48Z logger.go:66:               - license            = {
TestTerraformSchemaExample 2022-08-04T19:00:48Z logger.go:66:                   - directoryPathInContainer = null
TestTerraformSchemaExample 2022-08-04T19:00:48Z logger.go:66:                   - globalLicense            = null
TestTerraformSchemaExample 2022-08-04T19:00:48Z logger.go:66:                   - secretRef                = null
TestTerraformSchemaExample 2022-08-04T19:00:48Z logger.go:66:                 }
TestTerraformSchemaExample 2022-08-04T19:00:48Z logger.go:66:               - listeners          = {
TestTerraformSchemaExample 2022-08-04T19:00:48Z logger.go:66:                   - custom   = null
TestTerraformSchemaExample 2022-08-04T19:00:48Z logger.go:66:                   - external = {
TestTerraformSchemaExample 2022-08-04T19:00:48Z logger.go:66:                       - authentication = {
TestTerraformSchemaExample 2022-08-04T19:00:48Z logger.go:66:                           - jaasConfig            = {
TestTerraformSchemaExample 2022-08-04T19:00:48Z logger.go:66:                               - secretRef = null
TestTerraformSchemaExample 2022-08-04T19:00:48Z logger.go:66:                             }
TestTerraformSchemaExample 2022-08-04T19:00:48Z logger.go:66:                           - jaasConfigPassThrough = {
TestTerraformSchemaExample 2022-08-04T19:00:48Z logger.go:66:                               - directoryPathInContainer = null
TestTerraformSchemaExample 2022-08-04T19:00:48Z logger.go:66:                               - secretRef                = null
TestTerraformSchemaExample 2022-08-04T19:00:48Z logger.go:66:                             }
TestTerraformSchemaExample 2022-08-04T19:00:48Z logger.go:66:                           - principalMappingRules = null
TestTerraformSchemaExample 2022-08-04T19:00:48Z logger.go:66:                           - type                  = null
TestTerraformSchemaExample 2022-08-04T19:00:48Z logger.go:66:                         }
TestTerraformSchemaExample 2022-08-04T19:00:48Z logger.go:66:                       - externalAccess = {
TestTerraformSchemaExample 2022-08-04T19:00:48Z logger.go:66:                           - loadBalancer              = {
TestTerraformSchemaExample 2022-08-04T19:00:48Z logger.go:66:                               - advertisedPort           = null
TestTerraformSchemaExample 2022-08-04T19:00:48Z logger.go:66:                               - annotations              = null
TestTerraformSchemaExample 2022-08-04T19:00:48Z logger.go:66:                               - bootstrapPrefix          = null
TestTerraformSchemaExample 2022-08-04T19:00:48Z logger.go:66:                               - brokerPrefix             = null
TestTerraformSchemaExample 2022-08-04T19:00:48Z logger.go:66:                               - domain                   = null
TestTerraformSchemaExample 2022-08-04T19:00:48Z logger.go:66:                               - externalTrafficPolicy    = null
TestTerraformSchemaExample 2022-08-04T19:00:48Z logger.go:66:                               - labels                   = null
TestTerraformSchemaExample 2022-08-04T19:00:48Z logger.go:66:                               - loadBalancerSourceRanges = null
TestTerraformSchemaExample 2022-08-04T19:00:48Z logger.go:66:                               - servicePorts             = null
TestTerraformSchemaExample 2022-08-04T19:00:48Z logger.go:66:                               - sessionAffinity          = null
TestTerraformSchemaExample 2022-08-04T19:00:48Z logger.go:66:                               - sessionAffinityConfig    = {
TestTerraformSchemaExample 2022-08-04T19:00:48Z logger.go:66:                                   - clientIP = {
TestTerraformSchemaExample 2022-08-04T19:00:48Z logger.go:66:                                       - timeoutSeconds = null
TestTerraformSchemaExample 2022-08-04T19:00:48Z logger.go:66:                                     }
TestTerraformSchemaExample 2022-08-04T19:00:48Z logger.go:66:                                 }
TestTerraformSchemaExample 2022-08-04T19:00:48Z logger.go:66:                             }
TestTerraformSchemaExample 2022-08-04T19:00:48Z logger.go:66:                           - nodePort                  = {
TestTerraformSchemaExample 2022-08-04T19:00:48Z logger.go:66:                               - advertisedURL         = {
TestTerraformSchemaExample 2022-08-04T19:00:48Z logger.go:66:                                   - enabled = null
TestTerraformSchemaExample 2022-08-04T19:00:48Z logger.go:66:                                   - prefix  = null
TestTerraformSchemaExample 2022-08-04T19:00:48Z logger.go:66:                                 }
TestTerraformSchemaExample 2022-08-04T19:00:48Z logger.go:66:                               - annotations           = null
TestTerraformSchemaExample 2022-08-04T19:00:48Z logger.go:66:                               - externalTrafficPolicy = null
TestTerraformSchemaExample 2022-08-04T19:00:48Z logger.go:66:                               - host                  = null
TestTerraformSchemaExample 2022-08-04T19:00:48Z logger.go:66:                               - labels                = null
TestTerraformSchemaExample 2022-08-04T19:00:48Z logger.go:66:                               - nodePortOffset        = null
TestTerraformSchemaExample 2022-08-04T19:00:48Z logger.go:66:                               - servicePorts          = null
TestTerraformSchemaExample 2022-08-04T19:00:48Z logger.go:66:                               - sessionAffinity       = null
TestTerraformSchemaExample 2022-08-04T19:00:48Z logger.go:66:                               - sessionAffinityConfig = {
TestTerraformSchemaExample 2022-08-04T19:00:48Z logger.go:66:                                   - clientIP = {
TestTerraformSchemaExample 2022-08-04T19:00:48Z logger.go:66:                                       - timeoutSeconds = null
TestTerraformSchemaExample 2022-08-04T19:00:48Z logger.go:66:                                     }
TestTerraformSchemaExample 2022-08-04T19:00:48Z logger.go:66:                                 }
TestTerraformSchemaExample 2022-08-04T19:00:48Z logger.go:66:                             }
TestTerraformSchemaExample 2022-08-04T19:00:48Z logger.go:66:                           - route                     = {
TestTerraformSchemaExample 2022-08-04T19:00:48Z logger.go:66:                               - annotations     = null
TestTerraformSchemaExample 2022-08-04T19:00:48Z logger.go:66:                               - bootstrapPrefix = null
TestTerraformSchemaExample 2022-08-04T19:00:48Z logger.go:66:                               - brokerPrefix    = null
TestTerraformSchemaExample 2022-08-04T19:00:48Z logger.go:66:                               - domain          = null
TestTerraformSchemaExample 2022-08-04T19:00:48Z logger.go:66:                               - labels          = null
TestTerraformSchemaExample 2022-08-04T19:00:48Z logger.go:66:                               - wildcardPolicy  = null
TestTerraformSchemaExample 2022-08-04T19:00:48Z logger.go:66:                             }
TestTerraformSchemaExample 2022-08-04T19:00:48Z logger.go:66:                           - staticForHostBasedRouting = {
TestTerraformSchemaExample 2022-08-04T19:00:48Z logger.go:66:                               - brokerPrefix = null
TestTerraformSchemaExample 2022-08-04T19:00:48Z logger.go:66:                               - domain       = null
TestTerraformSchemaExample 2022-08-04T19:00:48Z logger.go:66:                               - port         = null
TestTerraformSchemaExample 2022-08-04T19:00:48Z logger.go:66:                             }
TestTerraformSchemaExample 2022-08-04T19:00:48Z logger.go:66:                           - staticForPortBasedRouting = {
TestTerraformSchemaExample 2022-08-04T19:00:48Z logger.go:66:                               - host       = null
TestTerraformSchemaExample 2022-08-04T19:00:48Z logger.go:66:                               - portOffset = null
TestTerraformSchemaExample 2022-08-04T19:00:48Z logger.go:66:                             }
TestTerraformSchemaExample 2022-08-04T19:00:48Z logger.go:66:                           - type                      = null
TestTerraformSchemaExample 2022-08-04T19:00:48Z logger.go:66:                         }
TestTerraformSchemaExample 2022-08-04T19:00:48Z logger.go:66:                       - tls            = {
TestTerraformSchemaExample 2022-08-04T19:00:48Z logger.go:66:                           - directoryPathInContainer = null
TestTerraformSchemaExample 2022-08-04T19:00:48Z logger.go:66:                           - enabled                  = null
TestTerraformSchemaExample 2022-08-04T19:00:48Z logger.go:66:                           - ignoreTrustStoreConfig   = null
TestTerraformSchemaExample 2022-08-04T19:00:48Z logger.go:66:                           - jksPassword              = {
TestTerraformSchemaExample 2022-08-04T19:00:48Z logger.go:66:                               - secretRef = null
TestTerraformSchemaExample 2022-08-04T19:00:48Z logger.go:66:                             }
TestTerraformSchemaExample 2022-08-04T19:00:48Z logger.go:66:                           - secretRef                = null
TestTerraformSchemaExample 2022-08-04T19:00:48Z logger.go:66:                         }
TestTerraformSchemaExample 2022-08-04T19:00:48Z logger.go:66:                     }
TestTerraformSchemaExample 2022-08-04T19:00:48Z logger.go:66:                   - internal = {
TestTerraformSchemaExample 2022-08-04T19:00:48Z logger.go:66:                       - authentication = {
TestTerraformSchemaExample 2022-08-04T19:00:48Z logger.go:66:                           - jaasConfig            = {
TestTerraformSchemaExample 2022-08-04T19:00:48Z logger.go:66:                               - secretRef = null
TestTerraformSchemaExample 2022-08-04T19:00:48Z logger.go:66:                             }
TestTerraformSchemaExample 2022-08-04T19:00:48Z logger.go:66:                           - jaasConfigPassThrough = {
TestTerraformSchemaExample 2022-08-04T19:00:48Z logger.go:66:                               - directoryPathInContainer = null
TestTerraformSchemaExample 2022-08-04T19:00:48Z logger.go:66:                               - secretRef                = null
TestTerraformSchemaExample 2022-08-04T19:00:48Z logger.go:66:                             }
TestTerraformSchemaExample 2022-08-04T19:00:48Z logger.go:66:                           - principalMappingRules = null
TestTerraformSchemaExample 2022-08-04T19:00:48Z logger.go:66:                           - type                  = null
TestTerraformSchemaExample 2022-08-04T19:00:48Z logger.go:66:                         }
TestTerraformSchemaExample 2022-08-04T19:00:48Z logger.go:66:                       - tls            = {
TestTerraformSchemaExample 2022-08-04T19:00:48Z logger.go:66:                           - directoryPathInContainer = null
TestTerraformSchemaExample 2022-08-04T19:00:48Z logger.go:66:                           - enabled                  = null
TestTerraformSchemaExample 2022-08-04T19:00:48Z logger.go:66:                           - ignoreTrustStoreConfig   = null
TestTerraformSchemaExample 2022-08-04T19:00:48Z logger.go:66:                           - jksPassword              = {
TestTerraformSchemaExample 2022-08-04T19:00:48Z logger.go:66:                               - secretRef = null
TestTerraformSchemaExample 2022-08-04T19:00:48Z logger.go:66:                             }
TestTerraformSchemaExample 2022-08-04T19:00:48Z logger.go:66:                           - secretRef                = null
TestTerraformSchemaExample 2022-08-04T19:00:48Z logger.go:66:                         }
TestTerraformSchemaExample 2022-08-04T19:00:48Z logger.go:66:                     }
TestTerraformSchemaExample 2022-08-04T19:00:48Z logger.go:66:                 }
TestTerraformSchemaExample 2022-08-04T19:00:48Z logger.go:66:               - metricReporter     = {
TestTerraformSchemaExample 2022-08-04T19:00:48Z logger.go:66:                   - authentication    = {
TestTerraformSchemaExample 2022-08-04T19:00:48Z logger.go:66:                       - jaasConfig            = {
TestTerraformSchemaExample 2022-08-04T19:00:48Z logger.go:66:                           - secretRef = null
TestTerraformSchemaExample 2022-08-04T19:00:48Z logger.go:66:                         }
TestTerraformSchemaExample 2022-08-04T19:00:48Z logger.go:66:                       - jaasConfigPassThrough = {
TestTerraformSchemaExample 2022-08-04T19:00:48Z logger.go:66:                           - directoryPathInContainer = null
TestTerraformSchemaExample 2022-08-04T19:00:48Z logger.go:66:                           - secretRef                = null
TestTerraformSchemaExample 2022-08-04T19:00:48Z logger.go:66:                         }
TestTerraformSchemaExample 2022-08-04T19:00:48Z logger.go:66:                       - oauthbearer           = {
TestTerraformSchemaExample 2022-08-04T19:00:48Z logger.go:66:                           - directoryPathInContainer = null
TestTerraformSchemaExample 2022-08-04T19:00:48Z logger.go:66:                           - secretRef                = null
TestTerraformSchemaExample 2022-08-04T19:00:48Z logger.go:66:                         }
TestTerraformSchemaExample 2022-08-04T19:00:48Z logger.go:66:                       - type                  = null
TestTerraformSchemaExample 2022-08-04T19:00:48Z logger.go:66:                     }
TestTerraformSchemaExample 2022-08-04T19:00:48Z logger.go:66:                   - bootstrapEndpoint = null
TestTerraformSchemaExample 2022-08-04T19:00:48Z logger.go:66:                   - enabled           = true
TestTerraformSchemaExample 2022-08-04T19:00:48Z logger.go:66:                   - replicationFactor = null
TestTerraformSchemaExample 2022-08-04T19:00:48Z logger.go:66:                   - tls               = {
TestTerraformSchemaExample 2022-08-04T19:00:48Z logger.go:66:                       - directoryPathInContainer = null
TestTerraformSchemaExample 2022-08-04T19:00:48Z logger.go:66:                       - enabled                  = null
TestTerraformSchemaExample 2022-08-04T19:00:48Z logger.go:66:                       - ignoreTrustStoreConfig   = null
TestTerraformSchemaExample 2022-08-04T19:00:48Z logger.go:66:                       - jksPassword              = {
TestTerraformSchemaExample 2022-08-04T19:00:48Z logger.go:66:                           - secretRef = null
TestTerraformSchemaExample 2022-08-04T19:00:48Z logger.go:66:                         }
TestTerraformSchemaExample 2022-08-04T19:00:48Z logger.go:66:                       - secretRef                = null
TestTerraformSchemaExample 2022-08-04T19:00:48Z logger.go:66:                     }
TestTerraformSchemaExample 2022-08-04T19:00:48Z logger.go:66:                 }
TestTerraformSchemaExample 2022-08-04T19:00:48Z logger.go:66:               - metrics            = {
TestTerraformSchemaExample 2022-08-04T19:00:48Z logger.go:66:                   - authentication = {
TestTerraformSchemaExample 2022-08-04T19:00:48Z logger.go:66:                       - type = null
TestTerraformSchemaExample 2022-08-04T19:00:48Z logger.go:66:                     }
TestTerraformSchemaExample 2022-08-04T19:00:48Z logger.go:66:                   - prometheus     = {
TestTerraformSchemaExample 2022-08-04T19:00:48Z logger.go:66:                       - blacklist = null
TestTerraformSchemaExample 2022-08-04T19:00:48Z logger.go:66:                       - rules     = null
TestTerraformSchemaExample 2022-08-04T19:00:48Z logger.go:66:                       - whitelist = null
TestTerraformSchemaExample 2022-08-04T19:00:48Z logger.go:66:                     }
TestTerraformSchemaExample 2022-08-04T19:00:48Z logger.go:66:                   - tls            = {
TestTerraformSchemaExample 2022-08-04T19:00:48Z logger.go:66:                       - directoryPathInContainer = null
TestTerraformSchemaExample 2022-08-04T19:00:48Z logger.go:66:                       - enabled                  = null
TestTerraformSchemaExample 2022-08-04T19:00:48Z logger.go:66:                       - ignoreTrustStoreConfig   = null
TestTerraformSchemaExample 2022-08-04T19:00:48Z logger.go:66:                       - jksPassword              = {
TestTerraformSchemaExample 2022-08-04T19:00:48Z logger.go:66:                           - secretRef = null
TestTerraformSchemaExample 2022-08-04T19:00:48Z logger.go:66:                         }
TestTerraformSchemaExample 2022-08-04T19:00:48Z logger.go:66:                       - secretRef                = null
TestTerraformSchemaExample 2022-08-04T19:00:48Z logger.go:66:                     }
TestTerraformSchemaExample 2022-08-04T19:00:48Z logger.go:66:                 }
TestTerraformSchemaExample 2022-08-04T19:00:48Z logger.go:66:               - mountedSecrets     = null
TestTerraformSchemaExample 2022-08-04T19:00:48Z logger.go:66:               - mountedVolumes     = {
TestTerraformSchemaExample 2022-08-04T19:00:48Z logger.go:66:                   - volumeMounts = null
TestTerraformSchemaExample 2022-08-04T19:00:48Z logger.go:66:                   - volumes      = null
TestTerraformSchemaExample 2022-08-04T19:00:48Z logger.go:66:                 }
TestTerraformSchemaExample 2022-08-04T19:00:48Z logger.go:66:               - oneReplicaPerNode  = null
TestTerraformSchemaExample 2022-08-04T19:00:48Z logger.go:66:               - passwordEncoder    = {
TestTerraformSchemaExample 2022-08-04T19:00:48Z logger.go:66:                   - directoryPathInContainer = null
TestTerraformSchemaExample 2022-08-04T19:00:48Z logger.go:66:                   - secretRef                = null
TestTerraformSchemaExample 2022-08-04T19:00:48Z logger.go:66:                 }
TestTerraformSchemaExample 2022-08-04T19:00:48Z logger.go:66:               - podTemplate        = {
TestTerraformSchemaExample 2022-08-04T19:00:48Z logger.go:66:                   - affinity                      = {
TestTerraformSchemaExample 2022-08-04T19:00:48Z logger.go:66:                       - nodeAffinity    = {
TestTerraformSchemaExample 2022-08-04T19:00:48Z logger.go:66:                           - preferredDuringSchedulingIgnoredDuringExecution = null
TestTerraformSchemaExample 2022-08-04T19:00:48Z logger.go:66:                           - requiredDuringSchedulingIgnoredDuringExecution  = {
TestTerraformSchemaExample 2022-08-04T19:00:48Z logger.go:66:                               - nodeSelectorTerms = null
TestTerraformSchemaExample 2022-08-04T19:00:48Z logger.go:66:                             }
TestTerraformSchemaExample 2022-08-04T19:00:48Z logger.go:66:                         }
TestTerraformSchemaExample 2022-08-04T19:00:48Z logger.go:66:                       - podAffinity     = {
TestTerraformSchemaExample 2022-08-04T19:00:48Z logger.go:66:                           - preferredDuringSchedulingIgnoredDuringExecution = null
TestTerraformSchemaExample 2022-08-04T19:00:48Z logger.go:66:                           - requiredDuringSchedulingIgnoredDuringExecution  = null
TestTerraformSchemaExample 2022-08-04T19:00:48Z logger.go:66:                         }
TestTerraformSchemaExample 2022-08-04T19:00:48Z logger.go:66:                       - podAntiAffinity = {
TestTerraformSchemaExample 2022-08-04T19:00:48Z logger.go:66:                           - preferredDuringSchedulingIgnoredDuringExecution = null
TestTerraformSchemaExample 2022-08-04T19:00:48Z logger.go:66:                           - requiredDuringSchedulingIgnoredDuringExecution  = null
TestTerraformSchemaExample 2022-08-04T19:00:48Z logger.go:66:                         }
TestTerraformSchemaExample 2022-08-04T19:00:48Z logger.go:66:                     }
TestTerraformSchemaExample 2022-08-04T19:00:48Z logger.go:66:                   - annotations                   = null
TestTerraformSchemaExample 2022-08-04T19:00:48Z logger.go:66:                   - envVars                       = null
TestTerraformSchemaExample 2022-08-04T19:00:48Z logger.go:66:                   - labels                        = null
TestTerraformSchemaExample 2022-08-04T19:00:48Z logger.go:66:                   - podSecurityContext            = {
TestTerraformSchemaExample 2022-08-04T19:00:48Z logger.go:66:                       - fsGroup             = null
TestTerraformSchemaExample 2022-08-04T19:00:48Z logger.go:66:                       - fsGroupChangePolicy = null
TestTerraformSchemaExample 2022-08-04T19:00:48Z logger.go:66:                       - runAsGroup          = null
TestTerraformSchemaExample 2022-08-04T19:00:48Z logger.go:66:                       - runAsNonRoot        = null
TestTerraformSchemaExample 2022-08-04T19:00:48Z logger.go:66:                       - runAsUser           = null
TestTerraformSchemaExample 2022-08-04T19:00:48Z logger.go:66:                       - seLinuxOptions      = {
TestTerraformSchemaExample 2022-08-04T19:00:48Z logger.go:66:                           - level = null
TestTerraformSchemaExample 2022-08-04T19:00:48Z logger.go:66:                           - role  = null
TestTerraformSchemaExample 2022-08-04T19:00:48Z logger.go:66:                           - type  = null
TestTerraformSchemaExample 2022-08-04T19:00:48Z logger.go:66:                           - user  = null
TestTerraformSchemaExample 2022-08-04T19:00:48Z logger.go:66:                         }
TestTerraformSchemaExample 2022-08-04T19:00:48Z logger.go:66:                       - seccompProfile      = {
TestTerraformSchemaExample 2022-08-04T19:00:48Z logger.go:66:                           - localhostProfile = null
TestTerraformSchemaExample 2022-08-04T19:00:48Z logger.go:66:                           - type             = null
TestTerraformSchemaExample 2022-08-04T19:00:48Z logger.go:66:                         }
TestTerraformSchemaExample 2022-08-04T19:00:48Z logger.go:66:                       - supplementalGroups  = null
TestTerraformSchemaExample 2022-08-04T19:00:48Z logger.go:66:                       - sysctls             = null
TestTerraformSchemaExample 2022-08-04T19:00:48Z logger.go:66:                       - windowsOptions      = {
TestTerraformSchemaExample 2022-08-04T19:00:48Z logger.go:66:                           - gmsaCredentialSpec     = null
TestTerraformSchemaExample 2022-08-04T19:00:48Z logger.go:66:                           - gmsaCredentialSpecName = null
TestTerraformSchemaExample 2022-08-04T19:00:48Z logger.go:66:                           - hostProcess            = null
TestTerraformSchemaExample 2022-08-04T19:00:48Z logger.go:66:                           - runAsUserName          = null
TestTerraformSchemaExample 2022-08-04T19:00:48Z logger.go:66:                         }
TestTerraformSchemaExample 2022-08-04T19:00:48Z logger.go:66:                     }
TestTerraformSchemaExample 2022-08-04T19:00:48Z logger.go:66:                   - priorityClassName             = null
TestTerraformSchemaExample 2022-08-04T19:00:48Z logger.go:66:                   - probe                         = {
TestTerraformSchemaExample 2022-08-04T19:00:48Z logger.go:66:                       - liveness  = {
TestTerraformSchemaExample 2022-08-04T19:00:48Z logger.go:66:                           - failureThreshold    = null
TestTerraformSchemaExample 2022-08-04T19:00:48Z logger.go:66:                           - initialDelaySeconds = null
TestTerraformSchemaExample 2022-08-04T19:00:48Z logger.go:66:                           - periodSeconds       = null
TestTerraformSchemaExample 2022-08-04T19:00:48Z logger.go:66:                           - successThreshold    = null
TestTerraformSchemaExample 2022-08-04T19:00:48Z logger.go:66:                           - timeoutSeconds      = null
TestTerraformSchemaExample 2022-08-04T19:00:48Z logger.go:66:                         }
TestTerraformSchemaExample 2022-08-04T19:00:48Z logger.go:66:                       - readiness = {
TestTerraformSchemaExample 2022-08-04T19:00:48Z logger.go:66:                           - failureThreshold    = null
TestTerraformSchemaExample 2022-08-04T19:00:48Z logger.go:66:                           - initialDelaySeconds = null
TestTerraformSchemaExample 2022-08-04T19:00:48Z logger.go:66:                           - periodSeconds       = null
TestTerraformSchemaExample 2022-08-04T19:00:48Z logger.go:66:                           - successThreshold    = null
TestTerraformSchemaExample 2022-08-04T19:00:48Z logger.go:66:                           - timeoutSeconds      = null
TestTerraformSchemaExample 2022-08-04T19:00:48Z logger.go:66:                         }
TestTerraformSchemaExample 2022-08-04T19:00:48Z logger.go:66:                     }
TestTerraformSchemaExample 2022-08-04T19:00:48Z logger.go:66:                   - resources                     = {
TestTerraformSchemaExample 2022-08-04T19:00:48Z logger.go:66:                       - limits   = null
TestTerraformSchemaExample 2022-08-04T19:00:48Z logger.go:66:                       - requests = null
TestTerraformSchemaExample 2022-08-04T19:00:48Z logger.go:66:                     }
TestTerraformSchemaExample 2022-08-04T19:00:48Z logger.go:66:                   - securityContext               = {
TestTerraformSchemaExample 2022-08-04T19:00:48Z logger.go:66:                       - allowPrivilegeEscalation = null
TestTerraformSchemaExample 2022-08-04T19:00:48Z logger.go:66:                       - capabilities             = {
TestTerraformSchemaExample 2022-08-04T19:00:48Z logger.go:66:                           - add  = null
TestTerraformSchemaExample 2022-08-04T19:00:48Z logger.go:66:                           - drop = null
TestTerraformSchemaExample 2022-08-04T19:00:48Z logger.go:66:                         }
TestTerraformSchemaExample 2022-08-04T19:00:48Z logger.go:66:                       - privileged               = null
TestTerraformSchemaExample 2022-08-04T19:00:48Z logger.go:66:                       - procMount                = null
TestTerraformSchemaExample 2022-08-04T19:00:48Z logger.go:66:                       - readOnlyRootFilesystem   = null
TestTerraformSchemaExample 2022-08-04T19:00:48Z logger.go:66:                       - runAsGroup               = null
TestTerraformSchemaExample 2022-08-04T19:00:48Z logger.go:66:                       - runAsNonRoot             = null
TestTerraformSchemaExample 2022-08-04T19:00:48Z logger.go:66:                       - runAsUser                = null
TestTerraformSchemaExample 2022-08-04T19:00:48Z logger.go:66:                       - seLinuxOptions           = {
TestTerraformSchemaExample 2022-08-04T19:00:48Z logger.go:66:                           - level = null
TestTerraformSchemaExample 2022-08-04T19:00:48Z logger.go:66:                           - role  = null
TestTerraformSchemaExample 2022-08-04T19:00:48Z logger.go:66:                           - type  = null
TestTerraformSchemaExample 2022-08-04T19:00:48Z logger.go:66:                           - user  = null
TestTerraformSchemaExample 2022-08-04T19:00:48Z logger.go:66:                         }
TestTerraformSchemaExample 2022-08-04T19:00:48Z logger.go:66:                       - seccompProfile           = {
TestTerraformSchemaExample 2022-08-04T19:00:48Z logger.go:66:                           - localhostProfile = null
TestTerraformSchemaExample 2022-08-04T19:00:48Z logger.go:66:                           - type             = null
TestTerraformSchemaExample 2022-08-04T19:00:48Z logger.go:66:                         }
TestTerraformSchemaExample 2022-08-04T19:00:48Z logger.go:66:                       - windowsOptions           = {
TestTerraformSchemaExample 2022-08-04T19:00:48Z logger.go:66:                           - gmsaCredentialSpec     = null
TestTerraformSchemaExample 2022-08-04T19:00:48Z logger.go:66:                           - gmsaCredentialSpecName = null
TestTerraformSchemaExample 2022-08-04T19:00:48Z logger.go:66:                           - hostProcess            = null
TestTerraformSchemaExample 2022-08-04T19:00:48Z logger.go:66:                           - runAsUserName          = null
TestTerraformSchemaExample 2022-08-04T19:00:48Z logger.go:66:                         }
TestTerraformSchemaExample 2022-08-04T19:00:48Z logger.go:66:                     }
TestTerraformSchemaExample 2022-08-04T19:00:48Z logger.go:66:                   - serviceAccountName            = null
TestTerraformSchemaExample 2022-08-04T19:00:48Z logger.go:66:                   - terminationGracePeriodSeconds = null
TestTerraformSchemaExample 2022-08-04T19:00:48Z logger.go:66:                   - tolerations                   = null
TestTerraformSchemaExample 2022-08-04T19:00:48Z logger.go:66:                   - topologySpreadConstraints     = null
TestTerraformSchemaExample 2022-08-04T19:00:48Z logger.go:66:                 }
TestTerraformSchemaExample 2022-08-04T19:00:48Z logger.go:66:               - rackAssignment     = {
TestTerraformSchemaExample 2022-08-04T19:00:48Z logger.go:66:                   - availabilityZoneCount = null
TestTerraformSchemaExample 2022-08-04T19:00:48Z logger.go:66:                   - nodeLabels            = null
TestTerraformSchemaExample 2022-08-04T19:00:48Z logger.go:66:                 }
TestTerraformSchemaExample 2022-08-04T19:00:48Z logger.go:66:               - replicas           = 3
TestTerraformSchemaExample 2022-08-04T19:00:48Z logger.go:66:               - services           = {
TestTerraformSchemaExample 2022-08-04T19:00:48Z logger.go:66:                   - kafkaRest = {
TestTerraformSchemaExample 2022-08-04T19:00:48Z logger.go:66:                       - authentication = {
TestTerraformSchemaExample 2022-08-04T19:00:48Z logger.go:66:                           - basic = {
TestTerraformSchemaExample 2022-08-04T19:00:48Z logger.go:66:                               - debug                    = null
TestTerraformSchemaExample 2022-08-04T19:00:48Z logger.go:66:                               - directoryPathInContainer = null
TestTerraformSchemaExample 2022-08-04T19:00:48Z logger.go:66:                               - restrictedRoles          = null
TestTerraformSchemaExample 2022-08-04T19:00:48Z logger.go:66:                               - roles                    = null
TestTerraformSchemaExample 2022-08-04T19:00:48Z logger.go:66:                               - secretRef                = null
TestTerraformSchemaExample 2022-08-04T19:00:48Z logger.go:66:                             }
TestTerraformSchemaExample 2022-08-04T19:00:48Z logger.go:66:                           - type  = null
TestTerraformSchemaExample 2022-08-04T19:00:48Z logger.go:66:                         }
TestTerraformSchemaExample 2022-08-04T19:00:48Z logger.go:66:                       - externalAccess = {
TestTerraformSchemaExample 2022-08-04T19:00:48Z logger.go:66:                           - loadBalancer = {
TestTerraformSchemaExample 2022-08-04T19:00:48Z logger.go:66:                               - advertisedURL            = {
TestTerraformSchemaExample 2022-08-04T19:00:48Z logger.go:66:                                   - enabled = null
TestTerraformSchemaExample 2022-08-04T19:00:48Z logger.go:66:                                   - prefix  = null
TestTerraformSchemaExample 2022-08-04T19:00:48Z logger.go:66:                                 }
TestTerraformSchemaExample 2022-08-04T19:00:48Z logger.go:66:                               - annotations              = null
TestTerraformSchemaExample 2022-08-04T19:00:48Z logger.go:66:                               - domain                   = null
TestTerraformSchemaExample 2022-08-04T19:00:48Z logger.go:66:                               - externalTrafficPolicy    = null
TestTerraformSchemaExample 2022-08-04T19:00:48Z logger.go:66:                               - labels                   = null
TestTerraformSchemaExample 2022-08-04T19:00:48Z logger.go:66:                               - loadBalancerSourceRanges = null
TestTerraformSchemaExample 2022-08-04T19:00:48Z logger.go:66:                               - port                     = null
TestTerraformSchemaExample 2022-08-04T19:00:48Z logger.go:66:                               - prefix                   = null
TestTerraformSchemaExample 2022-08-04T19:00:48Z logger.go:66:                               - servicePorts             = null
TestTerraformSchemaExample 2022-08-04T19:00:48Z logger.go:66:                               - sessionAffinity          = null
TestTerraformSchemaExample 2022-08-04T19:00:48Z logger.go:66:                               - sessionAffinityConfig    = {
TestTerraformSchemaExample 2022-08-04T19:00:48Z logger.go:66:                                   - clientIP = {
TestTerraformSchemaExample 2022-08-04T19:00:48Z logger.go:66:                                       - timeoutSeconds = null
TestTerraformSchemaExample 2022-08-04T19:00:48Z logger.go:66:                                     }
TestTerraformSchemaExample 2022-08-04T19:00:48Z logger.go:66:                                 }
TestTerraformSchemaExample 2022-08-04T19:00:48Z logger.go:66:                             }
TestTerraformSchemaExample 2022-08-04T19:00:48Z logger.go:66:                           - nodePort     = {
TestTerraformSchemaExample 2022-08-04T19:00:48Z logger.go:66:                               - advertisedURL         = {
TestTerraformSchemaExample 2022-08-04T19:00:48Z logger.go:66:                                   - enabled = null
TestTerraformSchemaExample 2022-08-04T19:00:48Z logger.go:66:                                   - prefix  = null
TestTerraformSchemaExample 2022-08-04T19:00:48Z logger.go:66:                                 }
TestTerraformSchemaExample 2022-08-04T19:00:48Z logger.go:66:                               - annotations           = null
TestTerraformSchemaExample 2022-08-04T19:00:48Z logger.go:66:                               - externalTrafficPolicy = null
TestTerraformSchemaExample 2022-08-04T19:00:48Z logger.go:66:                               - host                  = null
TestTerraformSchemaExample 2022-08-04T19:00:48Z logger.go:66:                               - labels                = null
TestTerraformSchemaExample 2022-08-04T19:00:48Z logger.go:66:                               - nodePortOffset        = null
TestTerraformSchemaExample 2022-08-04T19:00:48Z logger.go:66:                               - servicePorts          = null
TestTerraformSchemaExample 2022-08-04T19:00:48Z logger.go:66:                               - sessionAffinity       = null
TestTerraformSchemaExample 2022-08-04T19:00:48Z logger.go:66:                               - sessionAffinityConfig = {
TestTerraformSchemaExample 2022-08-04T19:00:48Z logger.go:66:                                   - clientIP = {
TestTerraformSchemaExample 2022-08-04T19:00:48Z logger.go:66:                                       - timeoutSeconds = null
TestTerraformSchemaExample 2022-08-04T19:00:48Z logger.go:66:                                     }
TestTerraformSchemaExample 2022-08-04T19:00:48Z logger.go:66:                                 }
TestTerraformSchemaExample 2022-08-04T19:00:48Z logger.go:66:                             }
TestTerraformSchemaExample 2022-08-04T19:00:48Z logger.go:66:                           - route        = {
TestTerraformSchemaExample 2022-08-04T19:00:48Z logger.go:66:                               - annotations    = null
TestTerraformSchemaExample 2022-08-04T19:00:48Z logger.go:66:                               - domain         = null
TestTerraformSchemaExample 2022-08-04T19:00:48Z logger.go:66:                               - labels         = null
TestTerraformSchemaExample 2022-08-04T19:00:48Z logger.go:66:                               - prefix         = null
TestTerraformSchemaExample 2022-08-04T19:00:48Z logger.go:66:                               - wildcardPolicy = null
TestTerraformSchemaExample 2022-08-04T19:00:48Z logger.go:66:                             }
TestTerraformSchemaExample 2022-08-04T19:00:48Z logger.go:66:                           - type         = null
TestTerraformSchemaExample 2022-08-04T19:00:48Z logger.go:66:                         }
TestTerraformSchemaExample 2022-08-04T19:00:48Z logger.go:66:                       - tls            = {
TestTerraformSchemaExample 2022-08-04T19:00:48Z logger.go:66:                           - directoryPathInContainer = null
TestTerraformSchemaExample 2022-08-04T19:00:48Z logger.go:66:                           - enabled                  = null
TestTerraformSchemaExample 2022-08-04T19:00:48Z logger.go:66:                           - ignoreTrustStoreConfig   = null
TestTerraformSchemaExample 2022-08-04T19:00:48Z logger.go:66:                           - jksPassword              = {
TestTerraformSchemaExample 2022-08-04T19:00:48Z logger.go:66:                               - secretRef = null
TestTerraformSchemaExample 2022-08-04T19:00:48Z logger.go:66:                             }
TestTerraformSchemaExample 2022-08-04T19:00:48Z logger.go:66:                           - secretRef                = null
TestTerraformSchemaExample 2022-08-04T19:00:48Z logger.go:66:                         }
TestTerraformSchemaExample 2022-08-04T19:00:48Z logger.go:66:                     }
TestTerraformSchemaExample 2022-08-04T19:00:48Z logger.go:66:                   - mds       = {
TestTerraformSchemaExample 2022-08-04T19:00:48Z logger.go:66:                       - authentication = {
TestTerraformSchemaExample 2022-08-04T19:00:48Z logger.go:66:                           - type = null
TestTerraformSchemaExample 2022-08-04T19:00:48Z logger.go:66:                         }
TestTerraformSchemaExample 2022-08-04T19:00:48Z logger.go:66:                       - externalAccess = {
TestTerraformSchemaExample 2022-08-04T19:00:48Z logger.go:66:                           - loadBalancer = {
TestTerraformSchemaExample 2022-08-04T19:00:48Z logger.go:66:                               - advertisedURL            = {
TestTerraformSchemaExample 2022-08-04T19:00:48Z logger.go:66:                                   - enabled = null
TestTerraformSchemaExample 2022-08-04T19:00:48Z logger.go:66:                                   - prefix  = null
TestTerraformSchemaExample 2022-08-04T19:00:48Z logger.go:66:                                 }
TestTerraformSchemaExample 2022-08-04T19:00:48Z logger.go:66:                               - annotations              = null
TestTerraformSchemaExample 2022-08-04T19:00:48Z logger.go:66:                               - domain                   = null
TestTerraformSchemaExample 2022-08-04T19:00:48Z logger.go:66:                               - externalTrafficPolicy    = null
TestTerraformSchemaExample 2022-08-04T19:00:48Z logger.go:66:                               - labels                   = null
TestTerraformSchemaExample 2022-08-04T19:00:48Z logger.go:66:                               - loadBalancerSourceRanges = null
TestTerraformSchemaExample 2022-08-04T19:00:48Z logger.go:66:                               - port                     = null
TestTerraformSchemaExample 2022-08-04T19:00:48Z logger.go:66:                               - prefix                   = null
TestTerraformSchemaExample 2022-08-04T19:00:48Z logger.go:66:                               - servicePorts             = null
TestTerraformSchemaExample 2022-08-04T19:00:48Z logger.go:66:                               - sessionAffinity          = null
TestTerraformSchemaExample 2022-08-04T19:00:48Z logger.go:66:                               - sessionAffinityConfig    = {
TestTerraformSchemaExample 2022-08-04T19:00:48Z logger.go:66:                                   - clientIP = {
TestTerraformSchemaExample 2022-08-04T19:00:48Z logger.go:66:                                       - timeoutSeconds = null
TestTerraformSchemaExample 2022-08-04T19:00:48Z logger.go:66:                                     }
TestTerraformSchemaExample 2022-08-04T19:00:48Z logger.go:66:                                 }
TestTerraformSchemaExample 2022-08-04T19:00:48Z logger.go:66:                             }
TestTerraformSchemaExample 2022-08-04T19:00:48Z logger.go:66:                           - nodePort     = {
TestTerraformSchemaExample 2022-08-04T19:00:48Z logger.go:66:                               - advertisedURL         = {
TestTerraformSchemaExample 2022-08-04T19:00:48Z logger.go:66:                                   - enabled = null
TestTerraformSchemaExample 2022-08-04T19:00:48Z logger.go:66:                                   - prefix  = null
TestTerraformSchemaExample 2022-08-04T19:00:48Z logger.go:66:                                 }
TestTerraformSchemaExample 2022-08-04T19:00:48Z logger.go:66:                               - annotations           = null
TestTerraformSchemaExample 2022-08-04T19:00:48Z logger.go:66:                               - externalTrafficPolicy = null
TestTerraformSchemaExample 2022-08-04T19:00:48Z logger.go:66:                               - host                  = null
TestTerraformSchemaExample 2022-08-04T19:00:48Z logger.go:66:                               - labels                = null
TestTerraformSchemaExample 2022-08-04T19:00:48Z logger.go:66:                               - nodePortOffset        = null
TestTerraformSchemaExample 2022-08-04T19:00:48Z logger.go:66:                               - servicePorts          = null
TestTerraformSchemaExample 2022-08-04T19:00:48Z logger.go:66:                               - sessionAffinity       = null
TestTerraformSchemaExample 2022-08-04T19:00:48Z logger.go:66:                               - sessionAffinityConfig = {
TestTerraformSchemaExample 2022-08-04T19:00:48Z logger.go:66:                                   - clientIP = {
TestTerraformSchemaExample 2022-08-04T19:00:48Z logger.go:66:                                       - timeoutSeconds = null
TestTerraformSchemaExample 2022-08-04T19:00:48Z logger.go:66:                                     }
TestTerraformSchemaExample 2022-08-04T19:00:48Z logger.go:66:                                 }
TestTerraformSchemaExample 2022-08-04T19:00:48Z logger.go:66:                             }
TestTerraformSchemaExample 2022-08-04T19:00:48Z logger.go:66:                           - route        = {
TestTerraformSchemaExample 2022-08-04T19:00:48Z logger.go:66:                               - annotations    = null
TestTerraformSchemaExample 2022-08-04T19:00:48Z logger.go:66:                               - domain         = null
TestTerraformSchemaExample 2022-08-04T19:00:48Z logger.go:66:                               - labels         = null
TestTerraformSchemaExample 2022-08-04T19:00:48Z logger.go:66:                               - prefix         = null
TestTerraformSchemaExample 2022-08-04T19:00:48Z logger.go:66:                               - wildcardPolicy = null
TestTerraformSchemaExample 2022-08-04T19:00:48Z logger.go:66:                             }
TestTerraformSchemaExample 2022-08-04T19:00:48Z logger.go:66:                           - type         = null
TestTerraformSchemaExample 2022-08-04T19:00:48Z logger.go:66:                         }
TestTerraformSchemaExample 2022-08-04T19:00:48Z logger.go:66:                       - provider       = {
TestTerraformSchemaExample 2022-08-04T19:00:48Z logger.go:66:                           - ldap = {
TestTerraformSchemaExample 2022-08-04T19:00:48Z logger.go:66:                               - address        = null
TestTerraformSchemaExample 2022-08-04T19:00:48Z logger.go:66:                               - authentication = {
TestTerraformSchemaExample 2022-08-04T19:00:48Z logger.go:66:                                   - simple = {
TestTerraformSchemaExample 2022-08-04T19:00:48Z logger.go:66:                                       - directoryPathInContainer = null
TestTerraformSchemaExample 2022-08-04T19:00:48Z logger.go:66:                                       - secretRef                = null
TestTerraformSchemaExample 2022-08-04T19:00:48Z logger.go:66:                                     }
TestTerraformSchemaExample 2022-08-04T19:00:48Z logger.go:66:                                   - type   = null
TestTerraformSchemaExample 2022-08-04T19:00:48Z logger.go:66:                                 }
TestTerraformSchemaExample 2022-08-04T19:00:48Z logger.go:66:                               - configurations = {
TestTerraformSchemaExample 2022-08-04T19:00:48Z logger.go:66:                                   - groupMemberAttribute         = null
TestTerraformSchemaExample 2022-08-04T19:00:48Z logger.go:66:                                   - groupMemberAttributePattern  = null
TestTerraformSchemaExample 2022-08-04T19:00:48Z logger.go:66:                                   - groupNameAttribute           = null
TestTerraformSchemaExample 2022-08-04T19:00:48Z logger.go:66:                                   - groupObjectClass             = null
TestTerraformSchemaExample 2022-08-04T19:00:48Z logger.go:66:                                   - groupSearchBase              = null
TestTerraformSchemaExample 2022-08-04T19:00:48Z logger.go:66:                                   - groupSearchFilter            = null
TestTerraformSchemaExample 2022-08-04T19:00:48Z logger.go:66:                                   - groupSearchScope             = null
TestTerraformSchemaExample 2022-08-04T19:00:48Z logger.go:66:                                   - userMemberOfAttributePattern = null
TestTerraformSchemaExample 2022-08-04T19:00:48Z logger.go:66:                                   - userNameAttribute            = null
TestTerraformSchemaExample 2022-08-04T19:00:48Z logger.go:66:                                   - userObjectClass              = null
TestTerraformSchemaExample 2022-08-04T19:00:48Z logger.go:66:                                   - userSearchBase               = null
TestTerraformSchemaExample 2022-08-04T19:00:48Z logger.go:66:                                   - userSearchFilter             = null
TestTerraformSchemaExample 2022-08-04T19:00:48Z logger.go:66:                                   - userSearchScope              = null
TestTerraformSchemaExample 2022-08-04T19:00:48Z logger.go:66:                                 }
TestTerraformSchemaExample 2022-08-04T19:00:48Z logger.go:66:                               - tls            = {
TestTerraformSchemaExample 2022-08-04T19:00:48Z logger.go:66:                                   - directoryPathInContainer = null
TestTerraformSchemaExample 2022-08-04T19:00:48Z logger.go:66:                                   - enabled                  = null
TestTerraformSchemaExample 2022-08-04T19:00:48Z logger.go:66:                                   - ignoreTrustStoreConfig   = null
TestTerraformSchemaExample 2022-08-04T19:00:48Z logger.go:66:                                   - jksPassword              = {
TestTerraformSchemaExample 2022-08-04T19:00:48Z logger.go:66:                                       - secretRef = null
TestTerraformSchemaExample 2022-08-04T19:00:48Z logger.go:66:                                     }
TestTerraformSchemaExample 2022-08-04T19:00:48Z logger.go:66:                                   - secretRef                = null
TestTerraformSchemaExample 2022-08-04T19:00:48Z logger.go:66:                                 }
TestTerraformSchemaExample 2022-08-04T19:00:48Z logger.go:66:                             }
TestTerraformSchemaExample 2022-08-04T19:00:48Z logger.go:66:                           - type = null
TestTerraformSchemaExample 2022-08-04T19:00:48Z logger.go:66:                         }
TestTerraformSchemaExample 2022-08-04T19:00:48Z logger.go:66:                       - tls            = {
TestTerraformSchemaExample 2022-08-04T19:00:48Z logger.go:66:                           - directoryPathInContainer = null
TestTerraformSchemaExample 2022-08-04T19:00:48Z logger.go:66:                           - enabled                  = null
TestTerraformSchemaExample 2022-08-04T19:00:48Z logger.go:66:                           - ignoreTrustStoreConfig   = null
TestTerraformSchemaExample 2022-08-04T19:00:48Z logger.go:66:                           - jksPassword              = {
TestTerraformSchemaExample 2022-08-04T19:00:48Z logger.go:66:                               - secretRef = null
TestTerraformSchemaExample 2022-08-04T19:00:48Z logger.go:66:                             }
TestTerraformSchemaExample 2022-08-04T19:00:48Z logger.go:66:                           - secretRef                = null
TestTerraformSchemaExample 2022-08-04T19:00:48Z logger.go:66:                         }
TestTerraformSchemaExample 2022-08-04T19:00:48Z logger.go:66:                       - tokenKeyPair   = {
TestTerraformSchemaExample 2022-08-04T19:00:48Z logger.go:66:                           - directoryPathInContainer = null
TestTerraformSchemaExample 2022-08-04T19:00:48Z logger.go:66:                           - secretRef                = null
TestTerraformSchemaExample 2022-08-04T19:00:48Z logger.go:66:                         }
TestTerraformSchemaExample 2022-08-04T19:00:48Z logger.go:66:                     }
TestTerraformSchemaExample 2022-08-04T19:00:48Z logger.go:66:                 }
TestTerraformSchemaExample 2022-08-04T19:00:48Z logger.go:66:               - storageClass       = {
TestTerraformSchemaExample 2022-08-04T19:00:48Z logger.go:66:                   - name = null
TestTerraformSchemaExample 2022-08-04T19:00:48Z logger.go:66:                 }
TestTerraformSchemaExample 2022-08-04T19:00:48Z logger.go:66:               - telemetry          = {
TestTerraformSchemaExample 2022-08-04T19:00:48Z logger.go:66:                   - global = null
TestTerraformSchemaExample 2022-08-04T19:00:48Z logger.go:66:                 }
TestTerraformSchemaExample 2022-08-04T19:00:48Z logger.go:66:               - tls                = {
TestTerraformSchemaExample 2022-08-04T19:00:48Z logger.go:66:                   - autoGeneratedCerts       = null
TestTerraformSchemaExample 2022-08-04T19:00:48Z logger.go:66:                   - directoryPathInContainer = null
TestTerraformSchemaExample 2022-08-04T19:00:48Z logger.go:66:                   - ignoreTrustStoreConfig   = null
TestTerraformSchemaExample 2022-08-04T19:00:48Z logger.go:66:                   - jksPassword              = {
TestTerraformSchemaExample 2022-08-04T19:00:48Z logger.go:66:                       - secretRef = null
TestTerraformSchemaExample 2022-08-04T19:00:48Z logger.go:66:                     }
TestTerraformSchemaExample 2022-08-04T19:00:48Z logger.go:66:                   - secretRef                = null
TestTerraformSchemaExample 2022-08-04T19:00:48Z logger.go:66:                 }
TestTerraformSchemaExample 2022-08-04T19:00:48Z logger.go:66:             }
TestTerraformSchemaExample 2022-08-04T19:00:48Z logger.go:66:         } -> null
TestTerraformSchemaExample 2022-08-04T19:00:48Z logger.go:66:
TestTerraformSchemaExample 2022-08-04T19:00:48Z logger.go:66:       - timeouts {
TestTerraformSchemaExample 2022-08-04T19:00:48Z logger.go:66:           - create = "1h" -> null
TestTerraformSchemaExample 2022-08-04T19:00:48Z logger.go:66:           - delete = "10m" -> null
TestTerraformSchemaExample 2022-08-04T19:00:48Z logger.go:66:           - update = "1h" -> null
TestTerraformSchemaExample 2022-08-04T19:00:48Z logger.go:66:         }
TestTerraformSchemaExample 2022-08-04T19:00:48Z logger.go:66:
TestTerraformSchemaExample 2022-08-04T19:00:48Z logger.go:66:       - wait {
TestTerraformSchemaExample 2022-08-04T19:00:48Z logger.go:66:           - fields = {
TestTerraformSchemaExample 2022-08-04T19:00:48Z logger.go:66:               - "status.phase" = "RUNNING"
TestTerraformSchemaExample 2022-08-04T19:00:48Z logger.go:66:             } -> null
TestTerraformSchemaExample 2022-08-04T19:00:48Z logger.go:66:         }
TestTerraformSchemaExample 2022-08-04T19:00:48Z logger.go:66:     }
TestTerraformSchemaExample 2022-08-04T19:00:48Z logger.go:66:
TestTerraformSchemaExample 2022-08-04T19:00:48Z logger.go:66:   # module.confluent_platform.kubernetes_manifest.components["schemaregistry"] will be destroyed
TestTerraformSchemaExample 2022-08-04T19:00:48Z logger.go:66:   - resource "kubernetes_manifest" "components" {
TestTerraformSchemaExample 2022-08-04T19:00:48Z logger.go:66:       - computed_fields = [
TestTerraformSchemaExample 2022-08-04T19:00:48Z logger.go:66:           - "metadata.finalizers",
TestTerraformSchemaExample 2022-08-04T19:00:48Z logger.go:66:         ] -> null
TestTerraformSchemaExample 2022-08-04T19:00:48Z logger.go:66:       - manifest        = {
TestTerraformSchemaExample 2022-08-04T19:00:48Z logger.go:66:           - apiVersion = "platform.confluent.io/v1beta1"
TestTerraformSchemaExample 2022-08-04T19:00:48Z logger.go:66:           - kind       = "SchemaRegistry"
TestTerraformSchemaExample 2022-08-04T19:00:48Z logger.go:66:           - metadata   = {
TestTerraformSchemaExample 2022-08-04T19:00:48Z logger.go:66:               - name      = "schemaregistry"
TestTerraformSchemaExample 2022-08-04T19:00:48Z logger.go:66:               - namespace = "confluent"
TestTerraformSchemaExample 2022-08-04T19:00:48Z logger.go:66:             }
TestTerraformSchemaExample 2022-08-04T19:00:48Z logger.go:66:           - spec       = {
TestTerraformSchemaExample 2022-08-04T19:00:48Z logger.go:66:               - image    = {
TestTerraformSchemaExample 2022-08-04T19:00:48Z logger.go:66:                   - application = "confluentinc/cp-schema-registry:7.2.0"
TestTerraformSchemaExample 2022-08-04T19:00:48Z logger.go:66:                   - init        = "confluentinc/confluent-init-container:2.4.0"
TestTerraformSchemaExample 2022-08-04T19:00:48Z logger.go:66:                 }
TestTerraformSchemaExample 2022-08-04T19:00:48Z logger.go:66:               - replicas = 3
TestTerraformSchemaExample 2022-08-04T19:00:48Z logger.go:66:             }
TestTerraformSchemaExample 2022-08-04T19:00:48Z logger.go:66:         } -> null
TestTerraformSchemaExample 2022-08-04T19:00:48Z logger.go:66:       - object          = {
TestTerraformSchemaExample 2022-08-04T19:00:48Z logger.go:66:           - apiVersion = "platform.confluent.io/v1beta1"
TestTerraformSchemaExample 2022-08-04T19:00:48Z logger.go:66:           - kind       = "SchemaRegistry"
TestTerraformSchemaExample 2022-08-04T19:00:48Z logger.go:66:           - metadata   = {
TestTerraformSchemaExample 2022-08-04T19:00:48Z logger.go:66:               - annotations                = null
TestTerraformSchemaExample 2022-08-04T19:00:48Z logger.go:66:               - clusterName                = null
TestTerraformSchemaExample 2022-08-04T19:00:48Z logger.go:66:               - creationTimestamp          = null
TestTerraformSchemaExample 2022-08-04T19:00:48Z logger.go:66:               - deletionGracePeriodSeconds = null
TestTerraformSchemaExample 2022-08-04T19:00:48Z logger.go:66:               - deletionTimestamp          = null
TestTerraformSchemaExample 2022-08-04T19:00:48Z logger.go:66:               - finalizers                 = [
TestTerraformSchemaExample 2022-08-04T19:00:48Z logger.go:66:                   - "schemaregistry.finalizers.platform.confluent.io",
TestTerraformSchemaExample 2022-08-04T19:00:48Z logger.go:66:                 ]
TestTerraformSchemaExample 2022-08-04T19:00:48Z logger.go:66:               - generateName               = null
TestTerraformSchemaExample 2022-08-04T19:00:48Z logger.go:66:               - generation                 = null
TestTerraformSchemaExample 2022-08-04T19:00:48Z logger.go:66:               - labels                     = null
TestTerraformSchemaExample 2022-08-04T19:00:48Z logger.go:66:               - managedFields              = null
TestTerraformSchemaExample 2022-08-04T19:00:48Z logger.go:66:               - name                       = "schemaregistry"
TestTerraformSchemaExample 2022-08-04T19:00:48Z logger.go:66:               - namespace                  = "confluent"
TestTerraformSchemaExample 2022-08-04T19:00:48Z logger.go:66:               - ownerReferences            = null
TestTerraformSchemaExample 2022-08-04T19:00:48Z logger.go:66:               - resourceVersion            = null
TestTerraformSchemaExample 2022-08-04T19:00:48Z logger.go:66:               - selfLink                   = null
TestTerraformSchemaExample 2022-08-04T19:00:48Z logger.go:66:               - uid                        = null
TestTerraformSchemaExample 2022-08-04T19:00:48Z logger.go:66:             }
TestTerraformSchemaExample 2022-08-04T19:00:48Z logger.go:66:           - spec       = {
TestTerraformSchemaExample 2022-08-04T19:00:48Z logger.go:66:               - authentication                = {
TestTerraformSchemaExample 2022-08-04T19:00:48Z logger.go:66:                   - basic = {
TestTerraformSchemaExample 2022-08-04T19:00:48Z logger.go:66:                       - debug                    = null
TestTerraformSchemaExample 2022-08-04T19:00:48Z logger.go:66:                       - directoryPathInContainer = null
TestTerraformSchemaExample 2022-08-04T19:00:48Z logger.go:66:                       - restrictedRoles          = null
TestTerraformSchemaExample 2022-08-04T19:00:48Z logger.go:66:                       - roles                    = null
TestTerraformSchemaExample 2022-08-04T19:00:48Z logger.go:66:                       - secretRef                = null
TestTerraformSchemaExample 2022-08-04T19:00:48Z logger.go:66:                     }
TestTerraformSchemaExample 2022-08-04T19:00:48Z logger.go:66:                   - type  = null
TestTerraformSchemaExample 2022-08-04T19:00:48Z logger.go:66:                 }
TestTerraformSchemaExample 2022-08-04T19:00:48Z logger.go:66:               - authorization                 = {
TestTerraformSchemaExample 2022-08-04T19:00:48Z logger.go:66:                   - kafkaRestClassRef = {
TestTerraformSchemaExample 2022-08-04T19:00:48Z logger.go:66:                       - name      = null
TestTerraformSchemaExample 2022-08-04T19:00:48Z logger.go:66:                       - namespace = null
TestTerraformSchemaExample 2022-08-04T19:00:48Z logger.go:66:                     }
TestTerraformSchemaExample 2022-08-04T19:00:48Z logger.go:66:                   - type              = null
TestTerraformSchemaExample 2022-08-04T19:00:48Z logger.go:66:                 }
TestTerraformSchemaExample 2022-08-04T19:00:48Z logger.go:66:               - configOverrides               = {
TestTerraformSchemaExample 2022-08-04T19:00:48Z logger.go:66:                   - jvm    = null
TestTerraformSchemaExample 2022-08-04T19:00:48Z logger.go:66:                   - log4j  = null
TestTerraformSchemaExample 2022-08-04T19:00:48Z logger.go:66:                   - server = null
TestTerraformSchemaExample 2022-08-04T19:00:48Z logger.go:66:                 }
TestTerraformSchemaExample 2022-08-04T19:00:48Z logger.go:66:               - dependencies                  = {
TestTerraformSchemaExample 2022-08-04T19:00:48Z logger.go:66:                   - kafka = {
TestTerraformSchemaExample 2022-08-04T19:00:48Z logger.go:66:                       - authentication    = {
TestTerraformSchemaExample 2022-08-04T19:00:48Z logger.go:66:                           - jaasConfig            = {
TestTerraformSchemaExample 2022-08-04T19:00:48Z logger.go:66:                               - secretRef = null
TestTerraformSchemaExample 2022-08-04T19:00:48Z logger.go:66:                             }
TestTerraformSchemaExample 2022-08-04T19:00:48Z logger.go:66:                           - jaasConfigPassThrough = {
TestTerraformSchemaExample 2022-08-04T19:00:48Z logger.go:66:                               - directoryPathInContainer = null
TestTerraformSchemaExample 2022-08-04T19:00:48Z logger.go:66:                               - secretRef                = null
TestTerraformSchemaExample 2022-08-04T19:00:48Z logger.go:66:                             }
TestTerraformSchemaExample 2022-08-04T19:00:48Z logger.go:66:                           - oauthbearer           = {
TestTerraformSchemaExample 2022-08-04T19:00:48Z logger.go:66:                               - directoryPathInContainer = null
TestTerraformSchemaExample 2022-08-04T19:00:48Z logger.go:66:                               - secretRef                = null
TestTerraformSchemaExample 2022-08-04T19:00:48Z logger.go:66:                             }
TestTerraformSchemaExample 2022-08-04T19:00:48Z logger.go:66:                           - type                  = null
TestTerraformSchemaExample 2022-08-04T19:00:48Z logger.go:66:                         }
TestTerraformSchemaExample 2022-08-04T19:00:48Z logger.go:66:                       - bootstrapEndpoint = null
TestTerraformSchemaExample 2022-08-04T19:00:48Z logger.go:66:                       - discovery         = {
TestTerraformSchemaExample 2022-08-04T19:00:48Z logger.go:66:                           - name      = null
TestTerraformSchemaExample 2022-08-04T19:00:48Z logger.go:66:                           - namespace = null
TestTerraformSchemaExample 2022-08-04T19:00:48Z logger.go:66:                           - secretRef = null
TestTerraformSchemaExample 2022-08-04T19:00:48Z logger.go:66:                         }
TestTerraformSchemaExample 2022-08-04T19:00:48Z logger.go:66:                       - tls               = {
TestTerraformSchemaExample 2022-08-04T19:00:48Z logger.go:66:                           - directoryPathInContainer = null
TestTerraformSchemaExample 2022-08-04T19:00:48Z logger.go:66:                           - enabled                  = null
TestTerraformSchemaExample 2022-08-04T19:00:48Z logger.go:66:                           - ignoreTrustStoreConfig   = null
TestTerraformSchemaExample 2022-08-04T19:00:48Z logger.go:66:                           - jksPassword              = {
TestTerraformSchemaExample 2022-08-04T19:00:48Z logger.go:66:                               - secretRef = null
TestTerraformSchemaExample 2022-08-04T19:00:48Z logger.go:66:                             }
TestTerraformSchemaExample 2022-08-04T19:00:48Z logger.go:66:                           - secretRef                = null
TestTerraformSchemaExample 2022-08-04T19:00:48Z logger.go:66:                         }
TestTerraformSchemaExample 2022-08-04T19:00:48Z logger.go:66:                     }
TestTerraformSchemaExample 2022-08-04T19:00:48Z logger.go:66:                   - mds   = {
TestTerraformSchemaExample 2022-08-04T19:00:48Z logger.go:66:                       - authentication = {
TestTerraformSchemaExample 2022-08-04T19:00:48Z logger.go:66:                           - bearer = {
TestTerraformSchemaExample 2022-08-04T19:00:48Z logger.go:66:                               - directoryPathInContainer = null
TestTerraformSchemaExample 2022-08-04T19:00:48Z logger.go:66:                               - secretRef                = null
TestTerraformSchemaExample 2022-08-04T19:00:48Z logger.go:66:                             }
TestTerraformSchemaExample 2022-08-04T19:00:48Z logger.go:66:                           - type   = null
TestTerraformSchemaExample 2022-08-04T19:00:48Z logger.go:66:                         }
TestTerraformSchemaExample 2022-08-04T19:00:48Z logger.go:66:                       - endpoint       = null
TestTerraformSchemaExample 2022-08-04T19:00:48Z logger.go:66:                       - tls            = {
TestTerraformSchemaExample 2022-08-04T19:00:48Z logger.go:66:                           - directoryPathInContainer = null
TestTerraformSchemaExample 2022-08-04T19:00:48Z logger.go:66:                           - enabled                  = null
TestTerraformSchemaExample 2022-08-04T19:00:48Z logger.go:66:                           - ignoreTrustStoreConfig   = null
TestTerraformSchemaExample 2022-08-04T19:00:48Z logger.go:66:                           - jksPassword              = {
TestTerraformSchemaExample 2022-08-04T19:00:48Z logger.go:66:                               - secretRef = null
TestTerraformSchemaExample 2022-08-04T19:00:48Z logger.go:66:                             }
TestTerraformSchemaExample 2022-08-04T19:00:48Z logger.go:66:                           - secretRef                = null
TestTerraformSchemaExample 2022-08-04T19:00:48Z logger.go:66:                         }
TestTerraformSchemaExample 2022-08-04T19:00:48Z logger.go:66:                       - tokenKeyPair   = {
TestTerraformSchemaExample 2022-08-04T19:00:48Z logger.go:66:                           - directoryPathInContainer = null
TestTerraformSchemaExample 2022-08-04T19:00:48Z logger.go:66:                           - secretRef                = null
TestTerraformSchemaExample 2022-08-04T19:00:48Z logger.go:66:                         }
TestTerraformSchemaExample 2022-08-04T19:00:48Z logger.go:66:                     }
TestTerraformSchemaExample 2022-08-04T19:00:48Z logger.go:66:                 }
TestTerraformSchemaExample 2022-08-04T19:00:48Z logger.go:66:               - enableSchemaExporter          = null
TestTerraformSchemaExample 2022-08-04T19:00:48Z logger.go:66:               - externalAccess                = {
TestTerraformSchemaExample 2022-08-04T19:00:48Z logger.go:66:                   - loadBalancer = {
TestTerraformSchemaExample 2022-08-04T19:00:48Z logger.go:66:                       - advertisedURL            = {
TestTerraformSchemaExample 2022-08-04T19:00:48Z logger.go:66:                           - enabled = null
TestTerraformSchemaExample 2022-08-04T19:00:48Z logger.go:66:                           - prefix  = null
TestTerraformSchemaExample 2022-08-04T19:00:48Z logger.go:66:                         }
TestTerraformSchemaExample 2022-08-04T19:00:48Z logger.go:66:                       - annotations              = null
TestTerraformSchemaExample 2022-08-04T19:00:48Z logger.go:66:                       - domain                   = null
TestTerraformSchemaExample 2022-08-04T19:00:48Z logger.go:66:                       - externalTrafficPolicy    = null
TestTerraformSchemaExample 2022-08-04T19:00:48Z logger.go:66:                       - labels                   = null
TestTerraformSchemaExample 2022-08-04T19:00:48Z logger.go:66:                       - loadBalancerSourceRanges = null
TestTerraformSchemaExample 2022-08-04T19:00:48Z logger.go:66:                       - port                     = null
TestTerraformSchemaExample 2022-08-04T19:00:48Z logger.go:66:                       - prefix                   = null
TestTerraformSchemaExample 2022-08-04T19:00:48Z logger.go:66:                       - servicePorts             = null
TestTerraformSchemaExample 2022-08-04T19:00:48Z logger.go:66:                       - sessionAffinity          = null
TestTerraformSchemaExample 2022-08-04T19:00:48Z logger.go:66:                       - sessionAffinityConfig    = {
TestTerraformSchemaExample 2022-08-04T19:00:48Z logger.go:66:                           - clientIP = {
TestTerraformSchemaExample 2022-08-04T19:00:48Z logger.go:66:                               - timeoutSeconds = null
TestTerraformSchemaExample 2022-08-04T19:00:48Z logger.go:66:                             }
TestTerraformSchemaExample 2022-08-04T19:00:48Z logger.go:66:                         }
TestTerraformSchemaExample 2022-08-04T19:00:48Z logger.go:66:                     }
TestTerraformSchemaExample 2022-08-04T19:00:48Z logger.go:66:                   - nodePort     = {
TestTerraformSchemaExample 2022-08-04T19:00:48Z logger.go:66:                       - advertisedURL         = {
TestTerraformSchemaExample 2022-08-04T19:00:48Z logger.go:66:                           - enabled = null
TestTerraformSchemaExample 2022-08-04T19:00:48Z logger.go:66:                           - prefix  = null
TestTerraformSchemaExample 2022-08-04T19:00:48Z logger.go:66:                         }
TestTerraformSchemaExample 2022-08-04T19:00:48Z logger.go:66:                       - annotations           = null
TestTerraformSchemaExample 2022-08-04T19:00:48Z logger.go:66:                       - externalTrafficPolicy = null
TestTerraformSchemaExample 2022-08-04T19:00:48Z logger.go:66:                       - host                  = null
TestTerraformSchemaExample 2022-08-04T19:00:48Z logger.go:66:                       - labels                = null
TestTerraformSchemaExample 2022-08-04T19:00:48Z logger.go:66:                       - nodePortOffset        = null
TestTerraformSchemaExample 2022-08-04T19:00:48Z logger.go:66:                       - servicePorts          = null
TestTerraformSchemaExample 2022-08-04T19:00:48Z logger.go:66:                       - sessionAffinity       = null
TestTerraformSchemaExample 2022-08-04T19:00:48Z logger.go:66:                       - sessionAffinityConfig = {
TestTerraformSchemaExample 2022-08-04T19:00:48Z logger.go:66:                           - clientIP = {
TestTerraformSchemaExample 2022-08-04T19:00:48Z logger.go:66:                               - timeoutSeconds = null
TestTerraformSchemaExample 2022-08-04T19:00:48Z logger.go:66:                             }
TestTerraformSchemaExample 2022-08-04T19:00:48Z logger.go:66:                         }
TestTerraformSchemaExample 2022-08-04T19:00:48Z logger.go:66:                     }
TestTerraformSchemaExample 2022-08-04T19:00:48Z logger.go:66:                   - route        = {
TestTerraformSchemaExample 2022-08-04T19:00:48Z logger.go:66:                       - annotations    = null
TestTerraformSchemaExample 2022-08-04T19:00:48Z logger.go:66:                       - domain         = null
TestTerraformSchemaExample 2022-08-04T19:00:48Z logger.go:66:                       - labels         = null
TestTerraformSchemaExample 2022-08-04T19:00:48Z logger.go:66:                       - prefix         = null
TestTerraformSchemaExample 2022-08-04T19:00:48Z logger.go:66:                       - wildcardPolicy = null
TestTerraformSchemaExample 2022-08-04T19:00:48Z logger.go:66:                     }
TestTerraformSchemaExample 2022-08-04T19:00:48Z logger.go:66:                   - type         = null
TestTerraformSchemaExample 2022-08-04T19:00:48Z logger.go:66:                 }
TestTerraformSchemaExample 2022-08-04T19:00:48Z logger.go:66:               - headlessService               = {
TestTerraformSchemaExample 2022-08-04T19:00:48Z logger.go:66:                   - annotations              = null
TestTerraformSchemaExample 2022-08-04T19:00:48Z logger.go:66:                   - labels                   = null
TestTerraformSchemaExample 2022-08-04T19:00:48Z logger.go:66:                   - publishNotReadyAddresses = null
TestTerraformSchemaExample 2022-08-04T19:00:48Z logger.go:66:                 }
TestTerraformSchemaExample 2022-08-04T19:00:48Z logger.go:66:               - image                         = {
TestTerraformSchemaExample 2022-08-04T19:00:48Z logger.go:66:                   - application   = "confluentinc/cp-schema-registry:7.2.0"
TestTerraformSchemaExample 2022-08-04T19:00:48Z logger.go:66:                   - init          = "confluentinc/confluent-init-container:2.4.0"
TestTerraformSchemaExample 2022-08-04T19:00:48Z logger.go:66:                   - pullPolicy    = null
TestTerraformSchemaExample 2022-08-04T19:00:48Z logger.go:66:                   - pullSecretRef = null
TestTerraformSchemaExample 2022-08-04T19:00:48Z logger.go:66:                 }
TestTerraformSchemaExample 2022-08-04T19:00:48Z logger.go:66:               - injectAnnotations             = null
TestTerraformSchemaExample 2022-08-04T19:00:48Z logger.go:66:               - injectLabels                  = null
TestTerraformSchemaExample 2022-08-04T19:00:48Z logger.go:66:               - internalTopicReplicatorFactor = null
TestTerraformSchemaExample 2022-08-04T19:00:48Z logger.go:66:               - k8sClusterDomain              = null
TestTerraformSchemaExample 2022-08-04T19:00:48Z logger.go:66:               - license                       = {
TestTerraformSchemaExample 2022-08-04T19:00:48Z logger.go:66:                   - directoryPathInContainer = null
TestTerraformSchemaExample 2022-08-04T19:00:48Z logger.go:66:                   - globalLicense            = null
TestTerraformSchemaExample 2022-08-04T19:00:48Z logger.go:66:                   - secretRef                = null
TestTerraformSchemaExample 2022-08-04T19:00:48Z logger.go:66:                 }
TestTerraformSchemaExample 2022-08-04T19:00:48Z logger.go:66:               - metrics                       = {
TestTerraformSchemaExample 2022-08-04T19:00:48Z logger.go:66:                   - authentication = {
TestTerraformSchemaExample 2022-08-04T19:00:48Z logger.go:66:                       - type = null
TestTerraformSchemaExample 2022-08-04T19:00:48Z logger.go:66:                     }
TestTerraformSchemaExample 2022-08-04T19:00:48Z logger.go:66:                   - prometheus     = {
TestTerraformSchemaExample 2022-08-04T19:00:48Z logger.go:66:                       - blacklist = null
TestTerraformSchemaExample 2022-08-04T19:00:48Z logger.go:66:                       - rules     = null
TestTerraformSchemaExample 2022-08-04T19:00:48Z logger.go:66:                       - whitelist = null
TestTerraformSchemaExample 2022-08-04T19:00:48Z logger.go:66:                     }
TestTerraformSchemaExample 2022-08-04T19:00:48Z logger.go:66:                   - tls            = {
TestTerraformSchemaExample 2022-08-04T19:00:48Z logger.go:66:                       - directoryPathInContainer = null
TestTerraformSchemaExample 2022-08-04T19:00:48Z logger.go:66:                       - enabled                  = null
TestTerraformSchemaExample 2022-08-04T19:00:48Z logger.go:66:                       - ignoreTrustStoreConfig   = null
TestTerraformSchemaExample 2022-08-04T19:00:48Z logger.go:66:                       - jksPassword              = {
TestTerraformSchemaExample 2022-08-04T19:00:48Z logger.go:66:                           - secretRef = null
TestTerraformSchemaExample 2022-08-04T19:00:48Z logger.go:66:                         }
TestTerraformSchemaExample 2022-08-04T19:00:48Z logger.go:66:                       - secretRef                = null
TestTerraformSchemaExample 2022-08-04T19:00:48Z logger.go:66:                     }
TestTerraformSchemaExample 2022-08-04T19:00:48Z logger.go:66:                 }
TestTerraformSchemaExample 2022-08-04T19:00:48Z logger.go:66:               - mountedSecrets                = null
TestTerraformSchemaExample 2022-08-04T19:00:48Z logger.go:66:               - mountedVolumes                = {
TestTerraformSchemaExample 2022-08-04T19:00:48Z logger.go:66:                   - volumeMounts = null
TestTerraformSchemaExample 2022-08-04T19:00:48Z logger.go:66:                   - volumes      = null
TestTerraformSchemaExample 2022-08-04T19:00:48Z logger.go:66:                 }
TestTerraformSchemaExample 2022-08-04T19:00:48Z logger.go:66:               - oneReplicaPerNode             = null
TestTerraformSchemaExample 2022-08-04T19:00:48Z logger.go:66:               - passwordEncoder               = {
TestTerraformSchemaExample 2022-08-04T19:00:48Z logger.go:66:                   - directoryPathInContainer = null
TestTerraformSchemaExample 2022-08-04T19:00:48Z logger.go:66:                   - secretRef                = null
TestTerraformSchemaExample 2022-08-04T19:00:48Z logger.go:66:                 }
TestTerraformSchemaExample 2022-08-04T19:00:48Z logger.go:66:               - podTemplate                   = {
TestTerraformSchemaExample 2022-08-04T19:00:48Z logger.go:66:                   - affinity                      = {
TestTerraformSchemaExample 2022-08-04T19:00:48Z logger.go:66:                       - nodeAffinity    = {
TestTerraformSchemaExample 2022-08-04T19:00:48Z logger.go:66:                           - preferredDuringSchedulingIgnoredDuringExecution = null
TestTerraformSchemaExample 2022-08-04T19:00:48Z logger.go:66:                           - requiredDuringSchedulingIgnoredDuringExecution  = {
TestTerraformSchemaExample 2022-08-04T19:00:48Z logger.go:66:                               - nodeSelectorTerms = null
TestTerraformSchemaExample 2022-08-04T19:00:48Z logger.go:66:                             }
TestTerraformSchemaExample 2022-08-04T19:00:48Z logger.go:66:                         }
TestTerraformSchemaExample 2022-08-04T19:00:48Z logger.go:66:                       - podAffinity     = {
TestTerraformSchemaExample 2022-08-04T19:00:48Z logger.go:66:                           - preferredDuringSchedulingIgnoredDuringExecution = null
TestTerraformSchemaExample 2022-08-04T19:00:48Z logger.go:66:                           - requiredDuringSchedulingIgnoredDuringExecution  = null
TestTerraformSchemaExample 2022-08-04T19:00:48Z logger.go:66:                         }
TestTerraformSchemaExample 2022-08-04T19:00:48Z logger.go:66:                       - podAntiAffinity = {
TestTerraformSchemaExample 2022-08-04T19:00:48Z logger.go:66:                           - preferredDuringSchedulingIgnoredDuringExecution = null
TestTerraformSchemaExample 2022-08-04T19:00:48Z logger.go:66:                           - requiredDuringSchedulingIgnoredDuringExecution  = null
TestTerraformSchemaExample 2022-08-04T19:00:48Z logger.go:66:                         }
TestTerraformSchemaExample 2022-08-04T19:00:48Z logger.go:66:                     }
TestTerraformSchemaExample 2022-08-04T19:00:48Z logger.go:66:                   - annotations                   = null
TestTerraformSchemaExample 2022-08-04T19:00:48Z logger.go:66:                   - envVars                       = null
TestTerraformSchemaExample 2022-08-04T19:00:48Z logger.go:66:                   - labels                        = null
TestTerraformSchemaExample 2022-08-04T19:00:48Z logger.go:66:                   - podSecurityContext            = {
TestTerraformSchemaExample 2022-08-04T19:00:48Z logger.go:66:                       - fsGroup             = null
TestTerraformSchemaExample 2022-08-04T19:00:48Z logger.go:66:                       - fsGroupChangePolicy = null
TestTerraformSchemaExample 2022-08-04T19:00:48Z logger.go:66:                       - runAsGroup          = null
TestTerraformSchemaExample 2022-08-04T19:00:48Z logger.go:66:                       - runAsNonRoot        = null
TestTerraformSchemaExample 2022-08-04T19:00:48Z logger.go:66:                       - runAsUser           = null
TestTerraformSchemaExample 2022-08-04T19:00:48Z logger.go:66:                       - seLinuxOptions      = {
TestTerraformSchemaExample 2022-08-04T19:00:48Z logger.go:66:                           - level = null
TestTerraformSchemaExample 2022-08-04T19:00:48Z logger.go:66:                           - role  = null
TestTerraformSchemaExample 2022-08-04T19:00:48Z logger.go:66:                           - type  = null
TestTerraformSchemaExample 2022-08-04T19:00:48Z logger.go:66:                           - user  = null
TestTerraformSchemaExample 2022-08-04T19:00:48Z logger.go:66:                         }
TestTerraformSchemaExample 2022-08-04T19:00:48Z logger.go:66:                       - seccompProfile      = {
TestTerraformSchemaExample 2022-08-04T19:00:48Z logger.go:66:                           - localhostProfile = null
TestTerraformSchemaExample 2022-08-04T19:00:48Z logger.go:66:                           - type             = null
TestTerraformSchemaExample 2022-08-04T19:00:48Z logger.go:66:                         }
TestTerraformSchemaExample 2022-08-04T19:00:48Z logger.go:66:                       - supplementalGroups  = null
TestTerraformSchemaExample 2022-08-04T19:00:48Z logger.go:66:                       - sysctls             = null
TestTerraformSchemaExample 2022-08-04T19:00:48Z logger.go:66:                       - windowsOptions      = {
TestTerraformSchemaExample 2022-08-04T19:00:48Z logger.go:66:                           - gmsaCredentialSpec     = null
TestTerraformSchemaExample 2022-08-04T19:00:48Z logger.go:66:                           - gmsaCredentialSpecName = null
TestTerraformSchemaExample 2022-08-04T19:00:48Z logger.go:66:                           - hostProcess            = null
TestTerraformSchemaExample 2022-08-04T19:00:48Z logger.go:66:                           - runAsUserName          = null
TestTerraformSchemaExample 2022-08-04T19:00:48Z logger.go:66:                         }
TestTerraformSchemaExample 2022-08-04T19:00:48Z logger.go:66:                     }
TestTerraformSchemaExample 2022-08-04T19:00:48Z logger.go:66:                   - priorityClassName             = null
TestTerraformSchemaExample 2022-08-04T19:00:48Z logger.go:66:                   - probe                         = {
TestTerraformSchemaExample 2022-08-04T19:00:48Z logger.go:66:                       - liveness  = {
TestTerraformSchemaExample 2022-08-04T19:00:48Z logger.go:66:                           - failureThreshold    = null
TestTerraformSchemaExample 2022-08-04T19:00:48Z logger.go:66:                           - initialDelaySeconds = null
TestTerraformSchemaExample 2022-08-04T19:00:48Z logger.go:66:                           - periodSeconds       = null
TestTerraformSchemaExample 2022-08-04T19:00:48Z logger.go:66:                           - successThreshold    = null
TestTerraformSchemaExample 2022-08-04T19:00:48Z logger.go:66:                           - timeoutSeconds      = null
TestTerraformSchemaExample 2022-08-04T19:00:48Z logger.go:66:                         }
TestTerraformSchemaExample 2022-08-04T19:00:48Z logger.go:66:                       - readiness = {
TestTerraformSchemaExample 2022-08-04T19:00:48Z logger.go:66:                           - failureThreshold    = null
TestTerraformSchemaExample 2022-08-04T19:00:48Z logger.go:66:                           - initialDelaySeconds = null
TestTerraformSchemaExample 2022-08-04T19:00:48Z logger.go:66:                           - periodSeconds       = null
TestTerraformSchemaExample 2022-08-04T19:00:48Z logger.go:66:                           - successThreshold    = null
TestTerraformSchemaExample 2022-08-04T19:00:48Z logger.go:66:                           - timeoutSeconds      = null
TestTerraformSchemaExample 2022-08-04T19:00:48Z logger.go:66:                         }
TestTerraformSchemaExample 2022-08-04T19:00:48Z logger.go:66:                     }
TestTerraformSchemaExample 2022-08-04T19:00:48Z logger.go:66:                   - resources                     = {
TestTerraformSchemaExample 2022-08-04T19:00:48Z logger.go:66:                       - limits   = null
TestTerraformSchemaExample 2022-08-04T19:00:48Z logger.go:66:                       - requests = null
TestTerraformSchemaExample 2022-08-04T19:00:48Z logger.go:66:                     }
TestTerraformSchemaExample 2022-08-04T19:00:48Z logger.go:66:                   - securityContext               = {
TestTerraformSchemaExample 2022-08-04T19:00:48Z logger.go:66:                       - allowPrivilegeEscalation = null
TestTerraformSchemaExample 2022-08-04T19:00:48Z logger.go:66:                       - capabilities             = {
TestTerraformSchemaExample 2022-08-04T19:00:48Z logger.go:66:                           - add  = null
TestTerraformSchemaExample 2022-08-04T19:00:48Z logger.go:66:                           - drop = null
TestTerraformSchemaExample 2022-08-04T19:00:48Z logger.go:66:                         }
TestTerraformSchemaExample 2022-08-04T19:00:48Z logger.go:66:                       - privileged               = null
TestTerraformSchemaExample 2022-08-04T19:00:48Z logger.go:66:                       - procMount                = null
TestTerraformSchemaExample 2022-08-04T19:00:48Z logger.go:66:                       - readOnlyRootFilesystem   = null
TestTerraformSchemaExample 2022-08-04T19:00:48Z logger.go:66:                       - runAsGroup               = null
TestTerraformSchemaExample 2022-08-04T19:00:48Z logger.go:66:                       - runAsNonRoot             = null
TestTerraformSchemaExample 2022-08-04T19:00:48Z logger.go:66:                       - runAsUser                = null
TestTerraformSchemaExample 2022-08-04T19:00:48Z logger.go:66:                       - seLinuxOptions           = {
TestTerraformSchemaExample 2022-08-04T19:00:48Z logger.go:66:                           - level = null
TestTerraformSchemaExample 2022-08-04T19:00:48Z logger.go:66:                           - role  = null
TestTerraformSchemaExample 2022-08-04T19:00:48Z logger.go:66:                           - type  = null
TestTerraformSchemaExample 2022-08-04T19:00:48Z logger.go:66:                           - user  = null
TestTerraformSchemaExample 2022-08-04T19:00:48Z logger.go:66:                         }
TestTerraformSchemaExample 2022-08-04T19:00:48Z logger.go:66:                       - seccompProfile           = {
TestTerraformSchemaExample 2022-08-04T19:00:48Z logger.go:66:                           - localhostProfile = null
TestTerraformSchemaExample 2022-08-04T19:00:48Z logger.go:66:                           - type             = null
TestTerraformSchemaExample 2022-08-04T19:00:48Z logger.go:66:                         }
TestTerraformSchemaExample 2022-08-04T19:00:48Z logger.go:66:                       - windowsOptions           = {
TestTerraformSchemaExample 2022-08-04T19:00:48Z logger.go:66:                           - gmsaCredentialSpec     = null
TestTerraformSchemaExample 2022-08-04T19:00:48Z logger.go:66:                           - gmsaCredentialSpecName = null
TestTerraformSchemaExample 2022-08-04T19:00:48Z logger.go:66:                           - hostProcess            = null
TestTerraformSchemaExample 2022-08-04T19:00:48Z logger.go:66:                           - runAsUserName          = null
TestTerraformSchemaExample 2022-08-04T19:00:48Z logger.go:66:                         }
TestTerraformSchemaExample 2022-08-04T19:00:48Z logger.go:66:                     }
TestTerraformSchemaExample 2022-08-04T19:00:48Z logger.go:66:                   - serviceAccountName            = null
TestTerraformSchemaExample 2022-08-04T19:00:48Z logger.go:66:                   - terminationGracePeriodSeconds = null
TestTerraformSchemaExample 2022-08-04T19:00:48Z logger.go:66:                   - tolerations                   = null
TestTerraformSchemaExample 2022-08-04T19:00:48Z logger.go:66:                   - topologySpreadConstraints     = null
TestTerraformSchemaExample 2022-08-04T19:00:48Z logger.go:66:                 }
TestTerraformSchemaExample 2022-08-04T19:00:48Z logger.go:66:               - replicas                      = 3
TestTerraformSchemaExample 2022-08-04T19:00:48Z logger.go:66:               - telemetry                     = {
TestTerraformSchemaExample 2022-08-04T19:00:48Z logger.go:66:                   - global = null
TestTerraformSchemaExample 2022-08-04T19:00:48Z logger.go:66:                 }
TestTerraformSchemaExample 2022-08-04T19:00:48Z logger.go:66:               - tls                           = {
TestTerraformSchemaExample 2022-08-04T19:00:48Z logger.go:66:                   - autoGeneratedCerts       = null
TestTerraformSchemaExample 2022-08-04T19:00:48Z logger.go:66:                   - directoryPathInContainer = null
TestTerraformSchemaExample 2022-08-04T19:00:48Z logger.go:66:                   - ignoreTrustStoreConfig   = null
TestTerraformSchemaExample 2022-08-04T19:00:48Z logger.go:66:                   - jksPassword              = {
TestTerraformSchemaExample 2022-08-04T19:00:48Z logger.go:66:                       - secretRef = null
TestTerraformSchemaExample 2022-08-04T19:00:48Z logger.go:66:                     }
TestTerraformSchemaExample 2022-08-04T19:00:48Z logger.go:66:                   - secretRef                = null
TestTerraformSchemaExample 2022-08-04T19:00:48Z logger.go:66:                 }
TestTerraformSchemaExample 2022-08-04T19:00:48Z logger.go:66:             }
TestTerraformSchemaExample 2022-08-04T19:00:48Z logger.go:66:         } -> null
TestTerraformSchemaExample 2022-08-04T19:00:48Z logger.go:66:
TestTerraformSchemaExample 2022-08-04T19:00:48Z logger.go:66:       - timeouts {
TestTerraformSchemaExample 2022-08-04T19:00:48Z logger.go:66:           - create = "1h" -> null
TestTerraformSchemaExample 2022-08-04T19:00:48Z logger.go:66:           - delete = "10m" -> null
TestTerraformSchemaExample 2022-08-04T19:00:48Z logger.go:66:           - update = "1h" -> null
TestTerraformSchemaExample 2022-08-04T19:00:48Z logger.go:66:         }
TestTerraformSchemaExample 2022-08-04T19:00:48Z logger.go:66:
TestTerraformSchemaExample 2022-08-04T19:00:48Z logger.go:66:       - wait {
TestTerraformSchemaExample 2022-08-04T19:00:48Z logger.go:66:           - fields = {
TestTerraformSchemaExample 2022-08-04T19:00:48Z logger.go:66:               - "status.phase" = "RUNNING"
TestTerraformSchemaExample 2022-08-04T19:00:48Z logger.go:66:             } -> null
TestTerraformSchemaExample 2022-08-04T19:00:48Z logger.go:66:         }
TestTerraformSchemaExample 2022-08-04T19:00:48Z logger.go:66:     }
TestTerraformSchemaExample 2022-08-04T19:00:48Z logger.go:66:
TestTerraformSchemaExample 2022-08-04T19:00:48Z logger.go:66:   # module.confluent_platform.kubernetes_manifest.components["zookeeper"] will be destroyed
TestTerraformSchemaExample 2022-08-04T19:00:48Z logger.go:66:   - resource "kubernetes_manifest" "components" {
TestTerraformSchemaExample 2022-08-04T19:00:48Z logger.go:66:       - computed_fields = [
TestTerraformSchemaExample 2022-08-04T19:00:48Z logger.go:66:           - "metadata.finalizers",
TestTerraformSchemaExample 2022-08-04T19:00:48Z logger.go:66:         ] -> null
TestTerraformSchemaExample 2022-08-04T19:00:48Z logger.go:66:       - manifest        = {
TestTerraformSchemaExample 2022-08-04T19:00:48Z logger.go:66:           - apiVersion = "platform.confluent.io/v1beta1"
TestTerraformSchemaExample 2022-08-04T19:00:48Z logger.go:66:           - kind       = "Zookeeper"
TestTerraformSchemaExample 2022-08-04T19:00:48Z logger.go:66:           - metadata   = {
TestTerraformSchemaExample 2022-08-04T19:00:48Z logger.go:66:               - name      = "zookeeper"
TestTerraformSchemaExample 2022-08-04T19:00:48Z logger.go:66:               - namespace = "confluent"
TestTerraformSchemaExample 2022-08-04T19:00:48Z logger.go:66:             }
TestTerraformSchemaExample 2022-08-04T19:00:48Z logger.go:66:           - spec       = {
TestTerraformSchemaExample 2022-08-04T19:00:48Z logger.go:66:               - dataVolumeCapacity = "10Gi"
TestTerraformSchemaExample 2022-08-04T19:00:48Z logger.go:66:               - image              = {
TestTerraformSchemaExample 2022-08-04T19:00:48Z logger.go:66:                   - application = "confluentinc/cp-zookeeper:7.2.0"
TestTerraformSchemaExample 2022-08-04T19:00:48Z logger.go:66:                   - init        = "confluentinc/confluent-init-container:2.4.0"
TestTerraformSchemaExample 2022-08-04T19:00:48Z logger.go:66:                 }
TestTerraformSchemaExample 2022-08-04T19:00:48Z logger.go:66:               - logVolumeCapacity  = "10Gi"
TestTerraformSchemaExample 2022-08-04T19:00:48Z logger.go:66:               - replicas           = 3
TestTerraformSchemaExample 2022-08-04T19:00:48Z logger.go:66:             }
TestTerraformSchemaExample 2022-08-04T19:00:48Z logger.go:66:         } -> null
TestTerraformSchemaExample 2022-08-04T19:00:48Z logger.go:66:       - object          = {
TestTerraformSchemaExample 2022-08-04T19:00:48Z logger.go:66:           - apiVersion = "platform.confluent.io/v1beta1"
TestTerraformSchemaExample 2022-08-04T19:00:48Z logger.go:66:           - kind       = "Zookeeper"
TestTerraformSchemaExample 2022-08-04T19:00:48Z logger.go:66:           - metadata   = {
TestTerraformSchemaExample 2022-08-04T19:00:48Z logger.go:66:               - annotations                = null
TestTerraformSchemaExample 2022-08-04T19:00:48Z logger.go:66:               - clusterName                = null
TestTerraformSchemaExample 2022-08-04T19:00:48Z logger.go:66:               - creationTimestamp          = null
TestTerraformSchemaExample 2022-08-04T19:00:48Z logger.go:66:               - deletionGracePeriodSeconds = null
TestTerraformSchemaExample 2022-08-04T19:00:48Z logger.go:66:               - deletionTimestamp          = null
TestTerraformSchemaExample 2022-08-04T19:00:48Z logger.go:66:               - finalizers                 = [
TestTerraformSchemaExample 2022-08-04T19:00:48Z logger.go:66:                   - "zookeeper.finalizers.platform.confluent.io",
TestTerraformSchemaExample 2022-08-04T19:00:48Z logger.go:66:                 ]
TestTerraformSchemaExample 2022-08-04T19:00:48Z logger.go:66:               - generateName               = null
TestTerraformSchemaExample 2022-08-04T19:00:48Z logger.go:66:               - generation                 = null
TestTerraformSchemaExample 2022-08-04T19:00:48Z logger.go:66:               - labels                     = null
TestTerraformSchemaExample 2022-08-04T19:00:48Z logger.go:66:               - managedFields              = null
TestTerraformSchemaExample 2022-08-04T19:00:48Z logger.go:66:               - name                       = "zookeeper"
TestTerraformSchemaExample 2022-08-04T19:00:48Z logger.go:66:               - namespace                  = "confluent"
TestTerraformSchemaExample 2022-08-04T19:00:48Z logger.go:66:               - ownerReferences            = null
TestTerraformSchemaExample 2022-08-04T19:00:48Z logger.go:66:               - resourceVersion            = null
TestTerraformSchemaExample 2022-08-04T19:00:48Z logger.go:66:               - selfLink                   = null
TestTerraformSchemaExample 2022-08-04T19:00:48Z logger.go:66:               - uid                        = null
TestTerraformSchemaExample 2022-08-04T19:00:48Z logger.go:66:             }
TestTerraformSchemaExample 2022-08-04T19:00:48Z logger.go:66:           - spec       = {
TestTerraformSchemaExample 2022-08-04T19:00:48Z logger.go:66:               - authentication     = {
TestTerraformSchemaExample 2022-08-04T19:00:48Z logger.go:66:                   - jaasConfig            = {
TestTerraformSchemaExample 2022-08-04T19:00:48Z logger.go:66:                       - secretRef = null
TestTerraformSchemaExample 2022-08-04T19:00:48Z logger.go:66:                     }
TestTerraformSchemaExample 2022-08-04T19:00:48Z logger.go:66:                   - jaasConfigPassThrough = {
TestTerraformSchemaExample 2022-08-04T19:00:48Z logger.go:66:                       - directoryPathInContainer = null
TestTerraformSchemaExample 2022-08-04T19:00:48Z logger.go:66:                       - secretRef                = null
TestTerraformSchemaExample 2022-08-04T19:00:48Z logger.go:66:                     }
TestTerraformSchemaExample 2022-08-04T19:00:48Z logger.go:66:                   - principalMappingRules = null
TestTerraformSchemaExample 2022-08-04T19:00:48Z logger.go:66:                   - type                  = null
TestTerraformSchemaExample 2022-08-04T19:00:48Z logger.go:66:                 }
TestTerraformSchemaExample 2022-08-04T19:00:48Z logger.go:66:               - configOverrides    = {
TestTerraformSchemaExample 2022-08-04T19:00:48Z logger.go:66:                   - jvm    = null
TestTerraformSchemaExample 2022-08-04T19:00:48Z logger.go:66:                   - log4j  = null
TestTerraformSchemaExample 2022-08-04T19:00:48Z logger.go:66:                   - peers  = null
TestTerraformSchemaExample 2022-08-04T19:00:48Z logger.go:66:                   - server = null
TestTerraformSchemaExample 2022-08-04T19:00:48Z logger.go:66:                 }
TestTerraformSchemaExample 2022-08-04T19:00:48Z logger.go:66:               - dataVolumeCapacity = "10Gi"
TestTerraformSchemaExample 2022-08-04T19:00:48Z logger.go:66:               - headlessService    = {
TestTerraformSchemaExample 2022-08-04T19:00:48Z logger.go:66:                   - annotations              = null
TestTerraformSchemaExample 2022-08-04T19:00:48Z logger.go:66:                   - labels                   = null
TestTerraformSchemaExample 2022-08-04T19:00:48Z logger.go:66:                   - publishNotReadyAddresses = null
TestTerraformSchemaExample 2022-08-04T19:00:48Z logger.go:66:                 }
TestTerraformSchemaExample 2022-08-04T19:00:48Z logger.go:66:               - image              = {
TestTerraformSchemaExample 2022-08-04T19:00:48Z logger.go:66:                   - application   = "confluentinc/cp-zookeeper:7.2.0"
TestTerraformSchemaExample 2022-08-04T19:00:48Z logger.go:66:                   - init          = "confluentinc/confluent-init-container:2.4.0"
TestTerraformSchemaExample 2022-08-04T19:00:48Z logger.go:66:                   - pullPolicy    = null
TestTerraformSchemaExample 2022-08-04T19:00:48Z logger.go:66:                   - pullSecretRef = null
TestTerraformSchemaExample 2022-08-04T19:00:48Z logger.go:66:                 }
TestTerraformSchemaExample 2022-08-04T19:00:48Z logger.go:66:               - injectAnnotations  = null
TestTerraformSchemaExample 2022-08-04T19:00:48Z logger.go:66:               - injectLabels       = null
TestTerraformSchemaExample 2022-08-04T19:00:48Z logger.go:66:               - k8sClusterDomain   = null
TestTerraformSchemaExample 2022-08-04T19:00:48Z logger.go:66:               - license            = {
TestTerraformSchemaExample 2022-08-04T19:00:48Z logger.go:66:                   - directoryPathInContainer = null
TestTerraformSchemaExample 2022-08-04T19:00:48Z logger.go:66:                   - globalLicense            = null
TestTerraformSchemaExample 2022-08-04T19:00:48Z logger.go:66:                   - secretRef                = null
TestTerraformSchemaExample 2022-08-04T19:00:48Z logger.go:66:                 }
TestTerraformSchemaExample 2022-08-04T19:00:48Z logger.go:66:               - logVolumeCapacity  = "10Gi"
TestTerraformSchemaExample 2022-08-04T19:00:48Z logger.go:66:               - metrics            = {
TestTerraformSchemaExample 2022-08-04T19:00:48Z logger.go:66:                   - authentication = {
TestTerraformSchemaExample 2022-08-04T19:00:48Z logger.go:66:                       - type = null
TestTerraformSchemaExample 2022-08-04T19:00:48Z logger.go:66:                     }
TestTerraformSchemaExample 2022-08-04T19:00:48Z logger.go:66:                   - prometheus     = {
TestTerraformSchemaExample 2022-08-04T19:00:48Z logger.go:66:                       - blacklist = null
TestTerraformSchemaExample 2022-08-04T19:00:48Z logger.go:66:                       - rules     = null
TestTerraformSchemaExample 2022-08-04T19:00:48Z logger.go:66:                       - whitelist = null
TestTerraformSchemaExample 2022-08-04T19:00:48Z logger.go:66:                     }
TestTerraformSchemaExample 2022-08-04T19:00:48Z logger.go:66:                   - tls            = {
TestTerraformSchemaExample 2022-08-04T19:00:48Z logger.go:66:                       - directoryPathInContainer = null
TestTerraformSchemaExample 2022-08-04T19:00:48Z logger.go:66:                       - enabled                  = null
TestTerraformSchemaExample 2022-08-04T19:00:48Z logger.go:66:                       - ignoreTrustStoreConfig   = null
TestTerraformSchemaExample 2022-08-04T19:00:48Z logger.go:66:                       - jksPassword              = {
TestTerraformSchemaExample 2022-08-04T19:00:48Z logger.go:66:                           - secretRef = null
TestTerraformSchemaExample 2022-08-04T19:00:48Z logger.go:66:                         }
TestTerraformSchemaExample 2022-08-04T19:00:48Z logger.go:66:                       - secretRef                = null
TestTerraformSchemaExample 2022-08-04T19:00:48Z logger.go:66:                     }
TestTerraformSchemaExample 2022-08-04T19:00:48Z logger.go:66:                 }
TestTerraformSchemaExample 2022-08-04T19:00:48Z logger.go:66:               - mountedSecrets     = null
TestTerraformSchemaExample 2022-08-04T19:00:48Z logger.go:66:               - mountedVolumes     = {
TestTerraformSchemaExample 2022-08-04T19:00:48Z logger.go:66:                   - volumeMounts = null
TestTerraformSchemaExample 2022-08-04T19:00:48Z logger.go:66:                   - volumes      = null
TestTerraformSchemaExample 2022-08-04T19:00:48Z logger.go:66:                 }
TestTerraformSchemaExample 2022-08-04T19:00:48Z logger.go:66:               - oneReplicaPerNode  = null
TestTerraformSchemaExample 2022-08-04T19:00:48Z logger.go:66:               - podTemplate        = {
TestTerraformSchemaExample 2022-08-04T19:00:48Z logger.go:66:                   - affinity                      = {
TestTerraformSchemaExample 2022-08-04T19:00:48Z logger.go:66:                       - nodeAffinity    = {
TestTerraformSchemaExample 2022-08-04T19:00:48Z logger.go:66:                           - preferredDuringSchedulingIgnoredDuringExecution = null
TestTerraformSchemaExample 2022-08-04T19:00:48Z logger.go:66:                           - requiredDuringSchedulingIgnoredDuringExecution  = {
TestTerraformSchemaExample 2022-08-04T19:00:48Z logger.go:66:                               - nodeSelectorTerms = null
TestTerraformSchemaExample 2022-08-04T19:00:48Z logger.go:66:                             }
TestTerraformSchemaExample 2022-08-04T19:00:48Z logger.go:66:                         }
TestTerraformSchemaExample 2022-08-04T19:00:48Z logger.go:66:                       - podAffinity     = {
TestTerraformSchemaExample 2022-08-04T19:00:48Z logger.go:66:                           - preferredDuringSchedulingIgnoredDuringExecution = null
TestTerraformSchemaExample 2022-08-04T19:00:48Z logger.go:66:                           - requiredDuringSchedulingIgnoredDuringExecution  = null
TestTerraformSchemaExample 2022-08-04T19:00:48Z logger.go:66:                         }
TestTerraformSchemaExample 2022-08-04T19:00:48Z logger.go:66:                       - podAntiAffinity = {
TestTerraformSchemaExample 2022-08-04T19:00:48Z logger.go:66:                           - preferredDuringSchedulingIgnoredDuringExecution = null
TestTerraformSchemaExample 2022-08-04T19:00:48Z logger.go:66:                           - requiredDuringSchedulingIgnoredDuringExecution  = null
TestTerraformSchemaExample 2022-08-04T19:00:48Z logger.go:66:                         }
TestTerraformSchemaExample 2022-08-04T19:00:48Z logger.go:66:                     }
TestTerraformSchemaExample 2022-08-04T19:00:48Z logger.go:66:                   - annotations                   = null
TestTerraformSchemaExample 2022-08-04T19:00:48Z logger.go:66:                   - envVars                       = null
TestTerraformSchemaExample 2022-08-04T19:00:48Z logger.go:66:                   - labels                        = null
TestTerraformSchemaExample 2022-08-04T19:00:48Z logger.go:66:                   - podSecurityContext            = {
TestTerraformSchemaExample 2022-08-04T19:00:48Z logger.go:66:                       - fsGroup             = null
TestTerraformSchemaExample 2022-08-04T19:00:48Z logger.go:66:                       - fsGroupChangePolicy = null
TestTerraformSchemaExample 2022-08-04T19:00:48Z logger.go:66:                       - runAsGroup          = null
TestTerraformSchemaExample 2022-08-04T19:00:48Z logger.go:66:                       - runAsNonRoot        = null
TestTerraformSchemaExample 2022-08-04T19:00:48Z logger.go:66:                       - runAsUser           = null
TestTerraformSchemaExample 2022-08-04T19:00:48Z logger.go:66:                       - seLinuxOptions      = {
TestTerraformSchemaExample 2022-08-04T19:00:48Z logger.go:66:                           - level = null
TestTerraformSchemaExample 2022-08-04T19:00:48Z logger.go:66:                           - role  = null
TestTerraformSchemaExample 2022-08-04T19:00:48Z logger.go:66:                           - type  = null
TestTerraformSchemaExample 2022-08-04T19:00:48Z logger.go:66:                           - user  = null
TestTerraformSchemaExample 2022-08-04T19:00:48Z logger.go:66:                         }
TestTerraformSchemaExample 2022-08-04T19:00:48Z logger.go:66:                       - seccompProfile      = {
TestTerraformSchemaExample 2022-08-04T19:00:48Z logger.go:66:                           - localhostProfile = null
TestTerraformSchemaExample 2022-08-04T19:00:48Z logger.go:66:                           - type             = null
TestTerraformSchemaExample 2022-08-04T19:00:48Z logger.go:66:                         }
TestTerraformSchemaExample 2022-08-04T19:00:48Z logger.go:66:                       - supplementalGroups  = null
TestTerraformSchemaExample 2022-08-04T19:00:48Z logger.go:66:                       - sysctls             = null
TestTerraformSchemaExample 2022-08-04T19:00:48Z logger.go:66:                       - windowsOptions      = {
TestTerraformSchemaExample 2022-08-04T19:00:48Z logger.go:66:                           - gmsaCredentialSpec     = null
TestTerraformSchemaExample 2022-08-04T19:00:48Z logger.go:66:                           - gmsaCredentialSpecName = null
TestTerraformSchemaExample 2022-08-04T19:00:48Z logger.go:66:                           - hostProcess            = null
TestTerraformSchemaExample 2022-08-04T19:00:48Z logger.go:66:                           - runAsUserName          = null
TestTerraformSchemaExample 2022-08-04T19:00:48Z logger.go:66:                         }
TestTerraformSchemaExample 2022-08-04T19:00:48Z logger.go:66:                     }
TestTerraformSchemaExample 2022-08-04T19:00:48Z logger.go:66:                   - priorityClassName             = null
TestTerraformSchemaExample 2022-08-04T19:00:48Z logger.go:66:                   - probe                         = {
TestTerraformSchemaExample 2022-08-04T19:00:48Z logger.go:66:                       - liveness  = {
TestTerraformSchemaExample 2022-08-04T19:00:48Z logger.go:66:                           - failureThreshold    = null
TestTerraformSchemaExample 2022-08-04T19:00:48Z logger.go:66:                           - initialDelaySeconds = null
TestTerraformSchemaExample 2022-08-04T19:00:48Z logger.go:66:                           - periodSeconds       = null
TestTerraformSchemaExample 2022-08-04T19:00:48Z logger.go:66:                           - successThreshold    = null
TestTerraformSchemaExample 2022-08-04T19:00:48Z logger.go:66:                           - timeoutSeconds      = null
TestTerraformSchemaExample 2022-08-04T19:00:48Z logger.go:66:                         }
TestTerraformSchemaExample 2022-08-04T19:00:48Z logger.go:66:                       - readiness = {
TestTerraformSchemaExample 2022-08-04T19:00:48Z logger.go:66:                           - failureThreshold    = null
TestTerraformSchemaExample 2022-08-04T19:00:48Z logger.go:66:                           - initialDelaySeconds = null
TestTerraformSchemaExample 2022-08-04T19:00:48Z logger.go:66:                           - periodSeconds       = null
TestTerraformSchemaExample 2022-08-04T19:00:48Z logger.go:66:                           - successThreshold    = null
TestTerraformSchemaExample 2022-08-04T19:00:48Z logger.go:66:                           - timeoutSeconds      = null
TestTerraformSchemaExample 2022-08-04T19:00:48Z logger.go:66:                         }
TestTerraformSchemaExample 2022-08-04T19:00:48Z logger.go:66:                     }
TestTerraformSchemaExample 2022-08-04T19:00:48Z logger.go:66:                   - resources                     = {
TestTerraformSchemaExample 2022-08-04T19:00:48Z logger.go:66:                       - limits   = null
TestTerraformSchemaExample 2022-08-04T19:00:48Z logger.go:66:                       - requests = null
TestTerraformSchemaExample 2022-08-04T19:00:48Z logger.go:66:                     }
TestTerraformSchemaExample 2022-08-04T19:00:48Z logger.go:66:                   - securityContext               = {
TestTerraformSchemaExample 2022-08-04T19:00:48Z logger.go:66:                       - allowPrivilegeEscalation = null
TestTerraformSchemaExample 2022-08-04T19:00:48Z logger.go:66:                       - capabilities             = {
TestTerraformSchemaExample 2022-08-04T19:00:48Z logger.go:66:                           - add  = null
TestTerraformSchemaExample 2022-08-04T19:00:48Z logger.go:66:                           - drop = null
TestTerraformSchemaExample 2022-08-04T19:00:48Z logger.go:66:                         }
TestTerraformSchemaExample 2022-08-04T19:00:48Z logger.go:66:                       - privileged               = null
TestTerraformSchemaExample 2022-08-04T19:00:48Z logger.go:66:                       - procMount                = null
TestTerraformSchemaExample 2022-08-04T19:00:48Z logger.go:66:                       - readOnlyRootFilesystem   = null
TestTerraformSchemaExample 2022-08-04T19:00:48Z logger.go:66:                       - runAsGroup               = null
TestTerraformSchemaExample 2022-08-04T19:00:48Z logger.go:66:                       - runAsNonRoot             = null
TestTerraformSchemaExample 2022-08-04T19:00:48Z logger.go:66:                       - runAsUser                = null
TestTerraformSchemaExample 2022-08-04T19:00:48Z logger.go:66:                       - seLinuxOptions           = {
TestTerraformSchemaExample 2022-08-04T19:00:48Z logger.go:66:                           - level = null
TestTerraformSchemaExample 2022-08-04T19:00:48Z logger.go:66:                           - role  = null
TestTerraformSchemaExample 2022-08-04T19:00:48Z logger.go:66:                           - type  = null
TestTerraformSchemaExample 2022-08-04T19:00:48Z logger.go:66:                           - user  = null
TestTerraformSchemaExample 2022-08-04T19:00:48Z logger.go:66:                         }
TestTerraformSchemaExample 2022-08-04T19:00:48Z logger.go:66:                       - seccompProfile           = {
TestTerraformSchemaExample 2022-08-04T19:00:48Z logger.go:66:                           - localhostProfile = null
TestTerraformSchemaExample 2022-08-04T19:00:48Z logger.go:66:                           - type             = null
TestTerraformSchemaExample 2022-08-04T19:00:48Z logger.go:66:                         }
TestTerraformSchemaExample 2022-08-04T19:00:48Z logger.go:66:                       - windowsOptions           = {
TestTerraformSchemaExample 2022-08-04T19:00:48Z logger.go:66:                           - gmsaCredentialSpec     = null
TestTerraformSchemaExample 2022-08-04T19:00:48Z logger.go:66:                           - gmsaCredentialSpecName = null
TestTerraformSchemaExample 2022-08-04T19:00:48Z logger.go:66:                           - hostProcess            = null
TestTerraformSchemaExample 2022-08-04T19:00:48Z logger.go:66:                           - runAsUserName          = null
TestTerraformSchemaExample 2022-08-04T19:00:48Z logger.go:66:                         }
TestTerraformSchemaExample 2022-08-04T19:00:48Z logger.go:66:                     }
TestTerraformSchemaExample 2022-08-04T19:00:48Z logger.go:66:                   - serviceAccountName            = null
TestTerraformSchemaExample 2022-08-04T19:00:48Z logger.go:66:                   - terminationGracePeriodSeconds = null
TestTerraformSchemaExample 2022-08-04T19:00:48Z logger.go:66:                   - tolerations                   = null
TestTerraformSchemaExample 2022-08-04T19:00:48Z logger.go:66:                   - topologySpreadConstraints     = null
TestTerraformSchemaExample 2022-08-04T19:00:48Z logger.go:66:                 }
TestTerraformSchemaExample 2022-08-04T19:00:48Z logger.go:66:               - replicas           = 3
TestTerraformSchemaExample 2022-08-04T19:00:48Z logger.go:66:               - storageClass       = {
TestTerraformSchemaExample 2022-08-04T19:00:48Z logger.go:66:                   - name = null
TestTerraformSchemaExample 2022-08-04T19:00:48Z logger.go:66:                 }
TestTerraformSchemaExample 2022-08-04T19:00:48Z logger.go:66:               - tls                = {
TestTerraformSchemaExample 2022-08-04T19:00:48Z logger.go:66:                   - autoGeneratedCerts       = null
TestTerraformSchemaExample 2022-08-04T19:00:48Z logger.go:66:                   - directoryPathInContainer = null
TestTerraformSchemaExample 2022-08-04T19:00:48Z logger.go:66:                   - ignoreTrustStoreConfig   = null
TestTerraformSchemaExample 2022-08-04T19:00:48Z logger.go:66:                   - jksPassword              = {
TestTerraformSchemaExample 2022-08-04T19:00:48Z logger.go:66:                       - secretRef = null
TestTerraformSchemaExample 2022-08-04T19:00:48Z logger.go:66:                     }
TestTerraformSchemaExample 2022-08-04T19:00:48Z logger.go:66:                   - secretRef                = null
TestTerraformSchemaExample 2022-08-04T19:00:48Z logger.go:66:                 }
TestTerraformSchemaExample 2022-08-04T19:00:48Z logger.go:66:             }
TestTerraformSchemaExample 2022-08-04T19:00:48Z logger.go:66:         } -> null
TestTerraformSchemaExample 2022-08-04T19:00:48Z logger.go:66:
TestTerraformSchemaExample 2022-08-04T19:00:48Z logger.go:66:       - timeouts {
TestTerraformSchemaExample 2022-08-04T19:00:48Z logger.go:66:           - create = "1h" -> null
TestTerraformSchemaExample 2022-08-04T19:00:48Z logger.go:66:           - delete = "10m" -> null
TestTerraformSchemaExample 2022-08-04T19:00:48Z logger.go:66:           - update = "1h" -> null
TestTerraformSchemaExample 2022-08-04T19:00:48Z logger.go:66:         }
TestTerraformSchemaExample 2022-08-04T19:00:48Z logger.go:66:
TestTerraformSchemaExample 2022-08-04T19:00:48Z logger.go:66:       - wait {
TestTerraformSchemaExample 2022-08-04T19:00:48Z logger.go:66:           - fields = {
TestTerraformSchemaExample 2022-08-04T19:00:48Z logger.go:66:               - "status.phase" = "RUNNING"
TestTerraformSchemaExample 2022-08-04T19:00:48Z logger.go:66:             } -> null
TestTerraformSchemaExample 2022-08-04T19:00:48Z logger.go:66:         }
TestTerraformSchemaExample 2022-08-04T19:00:48Z logger.go:66:     }
TestTerraformSchemaExample 2022-08-04T19:00:48Z logger.go:66:
TestTerraformSchemaExample 2022-08-04T19:00:48Z logger.go:66:   # module.schema.kubernetes_config_map_v1.schema_config will be destroyed
TestTerraformSchemaExample 2022-08-04T19:00:48Z logger.go:66:   - resource "kubernetes_config_map_v1" "schema_config" {
TestTerraformSchemaExample 2022-08-04T19:00:48Z logger.go:66:       - binary_data = {} -> null
TestTerraformSchemaExample 2022-08-04T19:00:48Z logger.go:66:       - data        = {
TestTerraformSchemaExample 2022-08-04T19:00:48Z logger.go:66:           - "schema" = jsonencode(
TestTerraformSchemaExample 2022-08-04T19:00:48Z logger.go:66:                 {
TestTerraformSchemaExample 2022-08-04T19:00:48Z logger.go:66:                   - "connect.name" = "ksql.pageviews"
TestTerraformSchemaExample 2022-08-04T19:00:48Z logger.go:66:                   - fields         = [
TestTerraformSchemaExample 2022-08-04T19:00:48Z logger.go:66:                       - {
TestTerraformSchemaExample 2022-08-04T19:00:48Z logger.go:66:                           - name = "viewtime"
TestTerraformSchemaExample 2022-08-04T19:00:48Z logger.go:66:                           - type = "long"
TestTerraformSchemaExample 2022-08-04T19:00:48Z logger.go:66:                         },
TestTerraformSchemaExample 2022-08-04T19:00:48Z logger.go:66:                       - {
TestTerraformSchemaExample 2022-08-04T19:00:48Z logger.go:66:                           - name = "userid"
TestTerraformSchemaExample 2022-08-04T19:00:48Z logger.go:66:                           - type = "string"
TestTerraformSchemaExample 2022-08-04T19:00:48Z logger.go:66:                         },
TestTerraformSchemaExample 2022-08-04T19:00:48Z logger.go:66:                       - {
TestTerraformSchemaExample 2022-08-04T19:00:48Z logger.go:66:                           - name = "pageid"
TestTerraformSchemaExample 2022-08-04T19:00:48Z logger.go:66:                           - type = "string"
TestTerraformSchemaExample 2022-08-04T19:00:48Z logger.go:66:                         },
TestTerraformSchemaExample 2022-08-04T19:00:48Z logger.go:66:                     ]
TestTerraformSchemaExample 2022-08-04T19:00:48Z logger.go:66:                   - name           = "pageviews"
TestTerraformSchemaExample 2022-08-04T19:00:48Z logger.go:66:                   - namespace      = "ksql"
TestTerraformSchemaExample 2022-08-04T19:00:48Z logger.go:66:                   - type           = "record"
TestTerraformSchemaExample 2022-08-04T19:00:48Z logger.go:66:                 }
TestTerraformSchemaExample 2022-08-04T19:00:48Z logger.go:66:             )
TestTerraformSchemaExample 2022-08-04T19:00:48Z logger.go:66:         } -> null
TestTerraformSchemaExample 2022-08-04T19:00:48Z logger.go:66:       - id          = "confluent/pageviews-value-config" -> null
TestTerraformSchemaExample 2022-08-04T19:00:48Z logger.go:66:
TestTerraformSchemaExample 2022-08-04T19:00:48Z logger.go:66:       - metadata {
TestTerraformSchemaExample 2022-08-04T19:00:48Z logger.go:66:           - annotations      = {} -> null
TestTerraformSchemaExample 2022-08-04T19:00:48Z logger.go:66:           - generation       = 0 -> null
TestTerraformSchemaExample 2022-08-04T19:00:48Z logger.go:66:           - labels           = {} -> null
TestTerraformSchemaExample 2022-08-04T19:00:48Z logger.go:66:           - name             = "pageviews-value-config" -> null
TestTerraformSchemaExample 2022-08-04T19:00:48Z logger.go:66:           - namespace        = "confluent" -> null
TestTerraformSchemaExample 2022-08-04T19:00:48Z logger.go:66:           - resource_version = "70781" -> null
TestTerraformSchemaExample 2022-08-04T19:00:48Z logger.go:66:           - uid              = "f68eab3a-0f2a-42eb-86e0-480372abf42b" -> null
TestTerraformSchemaExample 2022-08-04T19:00:48Z logger.go:66:         }
TestTerraformSchemaExample 2022-08-04T19:00:48Z logger.go:66:     }
TestTerraformSchemaExample 2022-08-04T19:00:48Z logger.go:66:
TestTerraformSchemaExample 2022-08-04T19:00:48Z logger.go:66:   # module.schema.kubernetes_manifest.schema will be destroyed
TestTerraformSchemaExample 2022-08-04T19:00:48Z logger.go:66:   - resource "kubernetes_manifest" "schema" {
TestTerraformSchemaExample 2022-08-04T19:00:48Z logger.go:66:       - computed_fields = [
TestTerraformSchemaExample 2022-08-04T19:00:48Z logger.go:66:           - "metadata.finalizers",
TestTerraformSchemaExample 2022-08-04T19:00:48Z logger.go:66:         ] -> null
TestTerraformSchemaExample 2022-08-04T19:00:48Z logger.go:66:       - manifest        = {
TestTerraformSchemaExample 2022-08-04T19:00:48Z logger.go:66:           - apiVersion = "platform.confluent.io/v1beta1"
TestTerraformSchemaExample 2022-08-04T19:00:48Z logger.go:66:           - kind       = "Schema"
TestTerraformSchemaExample 2022-08-04T19:00:48Z logger.go:66:           - metadata   = {
TestTerraformSchemaExample 2022-08-04T19:00:48Z logger.go:66:               - name      = "pageviews-value"
TestTerraformSchemaExample 2022-08-04T19:00:48Z logger.go:66:               - namespace = "confluent"
TestTerraformSchemaExample 2022-08-04T19:00:48Z logger.go:66:             }
TestTerraformSchemaExample 2022-08-04T19:00:48Z logger.go:66:           - spec       = {
TestTerraformSchemaExample 2022-08-04T19:00:48Z logger.go:66:               - data = {
TestTerraformSchemaExample 2022-08-04T19:00:48Z logger.go:66:                   - configRef = "pageviews-value-config"
TestTerraformSchemaExample 2022-08-04T19:00:48Z logger.go:66:                   - format    = "avro"
TestTerraformSchemaExample 2022-08-04T19:00:48Z logger.go:66:                 }
TestTerraformSchemaExample 2022-08-04T19:00:48Z logger.go:66:             }
TestTerraformSchemaExample 2022-08-04T19:00:48Z logger.go:66:         } -> null
TestTerraformSchemaExample 2022-08-04T19:00:48Z logger.go:66:       - object          = {
TestTerraformSchemaExample 2022-08-04T19:00:48Z logger.go:66:           - apiVersion = "platform.confluent.io/v1beta1"
TestTerraformSchemaExample 2022-08-04T19:00:48Z logger.go:66:           - kind       = "Schema"
TestTerraformSchemaExample 2022-08-04T19:00:48Z logger.go:66:           - metadata   = {
TestTerraformSchemaExample 2022-08-04T19:00:48Z logger.go:66:               - annotations                = {
TestTerraformSchemaExample 2022-08-04T19:00:48Z logger.go:66:                   - "platform.confluent.io/config-revision-hash" = "hfkb6tdmt5"
TestTerraformSchemaExample 2022-08-04T19:00:48Z logger.go:66:                 }
TestTerraformSchemaExample 2022-08-04T19:00:48Z logger.go:66:               - clusterName                = null
TestTerraformSchemaExample 2022-08-04T19:00:48Z logger.go:66:               - creationTimestamp          = null
TestTerraformSchemaExample 2022-08-04T19:00:48Z logger.go:66:               - deletionGracePeriodSeconds = null
TestTerraformSchemaExample 2022-08-04T19:00:48Z logger.go:66:               - deletionTimestamp          = null
TestTerraformSchemaExample 2022-08-04T19:00:48Z logger.go:66:               - finalizers                 = [
TestTerraformSchemaExample 2022-08-04T19:00:48Z logger.go:66:                   - "schema.finalizers.platform.confluent.io",
TestTerraformSchemaExample 2022-08-04T19:00:48Z logger.go:66:                 ]
TestTerraformSchemaExample 2022-08-04T19:00:48Z logger.go:66:               - generateName               = null
TestTerraformSchemaExample 2022-08-04T19:00:48Z logger.go:66:               - generation                 = null
TestTerraformSchemaExample 2022-08-04T19:00:48Z logger.go:66:               - labels                     = null
TestTerraformSchemaExample 2022-08-04T19:00:48Z logger.go:66:               - managedFields              = null
TestTerraformSchemaExample 2022-08-04T19:00:48Z logger.go:66:               - name                       = "pageviews-value"
TestTerraformSchemaExample 2022-08-04T19:00:48Z logger.go:66:               - namespace                  = "confluent"
TestTerraformSchemaExample 2022-08-04T19:00:48Z logger.go:66:               - ownerReferences            = [
TestTerraformSchemaExample 2022-08-04T19:00:48Z logger.go:66:                   - {
TestTerraformSchemaExample 2022-08-04T19:00:48Z logger.go:66:                       - apiVersion         = "platform.confluent.io/v1beta1"
TestTerraformSchemaExample 2022-08-04T19:00:48Z logger.go:66:                       - blockOwnerDeletion = true
TestTerraformSchemaExample 2022-08-04T19:00:48Z logger.go:66:                       - controller         = true
TestTerraformSchemaExample 2022-08-04T19:00:48Z logger.go:66:                       - kind               = "SchemaRegistry"
TestTerraformSchemaExample 2022-08-04T19:00:48Z logger.go:66:                       - name               = "schemaregistry"
TestTerraformSchemaExample 2022-08-04T19:00:48Z logger.go:66:                       - uid                = "39ef4cb8-63a1-443c-8e92-aaac025c8ef0"
TestTerraformSchemaExample 2022-08-04T19:00:48Z logger.go:66:                     },
TestTerraformSchemaExample 2022-08-04T19:00:48Z logger.go:66:                 ]
TestTerraformSchemaExample 2022-08-04T19:00:48Z logger.go:66:               - resourceVersion            = null
TestTerraformSchemaExample 2022-08-04T19:00:48Z logger.go:66:               - selfLink                   = null
TestTerraformSchemaExample 2022-08-04T19:00:48Z logger.go:66:               - uid                        = null
TestTerraformSchemaExample 2022-08-04T19:00:48Z logger.go:66:             }
TestTerraformSchemaExample 2022-08-04T19:00:48Z logger.go:66:           - spec       = {
TestTerraformSchemaExample 2022-08-04T19:00:48Z logger.go:66:               - compatibilityLevel       = null
TestTerraformSchemaExample 2022-08-04T19:00:48Z logger.go:66:               - data                     = {
TestTerraformSchemaExample 2022-08-04T19:00:48Z logger.go:66:                   - configRef = "pageviews-value-config"
TestTerraformSchemaExample 2022-08-04T19:00:48Z logger.go:66:                   - format    = "avro"
TestTerraformSchemaExample 2022-08-04T19:00:48Z logger.go:66:                 }
TestTerraformSchemaExample 2022-08-04T19:00:48Z logger.go:66:               - name                     = null
TestTerraformSchemaExample 2022-08-04T19:00:48Z logger.go:66:               - schemaReferences         = null
TestTerraformSchemaExample 2022-08-04T19:00:48Z logger.go:66:               - schemaRegistryClusterRef = {
TestTerraformSchemaExample 2022-08-04T19:00:48Z logger.go:66:                   - name      = null
TestTerraformSchemaExample 2022-08-04T19:00:48Z logger.go:66:                   - namespace = null
TestTerraformSchemaExample 2022-08-04T19:00:48Z logger.go:66:                 }
TestTerraformSchemaExample 2022-08-04T19:00:48Z logger.go:66:               - schemaRegistryRest       = {
TestTerraformSchemaExample 2022-08-04T19:00:48Z logger.go:66:                   - authentication = {
TestTerraformSchemaExample 2022-08-04T19:00:48Z logger.go:66:                       - basic  = {
TestTerraformSchemaExample 2022-08-04T19:00:48Z logger.go:66:                           - debug                    = null
TestTerraformSchemaExample 2022-08-04T19:00:48Z logger.go:66:                           - directoryPathInContainer = null
TestTerraformSchemaExample 2022-08-04T19:00:48Z logger.go:66:                           - restrictedRoles          = null
TestTerraformSchemaExample 2022-08-04T19:00:48Z logger.go:66:                           - roles                    = null
TestTerraformSchemaExample 2022-08-04T19:00:48Z logger.go:66:                           - secretRef                = null
TestTerraformSchemaExample 2022-08-04T19:00:48Z logger.go:66:                         }
TestTerraformSchemaExample 2022-08-04T19:00:48Z logger.go:66:                       - bearer = {
TestTerraformSchemaExample 2022-08-04T19:00:48Z logger.go:66:                           - directoryPathInContainer = null
TestTerraformSchemaExample 2022-08-04T19:00:48Z logger.go:66:                           - secretRef                = null
TestTerraformSchemaExample 2022-08-04T19:00:48Z logger.go:66:                         }
TestTerraformSchemaExample 2022-08-04T19:00:48Z logger.go:66:                       - type   = null
TestTerraformSchemaExample 2022-08-04T19:00:48Z logger.go:66:                     }
TestTerraformSchemaExample 2022-08-04T19:00:48Z logger.go:66:                   - endpoint       = null
TestTerraformSchemaExample 2022-08-04T19:00:48Z logger.go:66:                   - kafkaClusterID = null
TestTerraformSchemaExample 2022-08-04T19:00:48Z logger.go:66:                   - tls            = {
TestTerraformSchemaExample 2022-08-04T19:00:48Z logger.go:66:                       - directoryPathInContainer = null
TestTerraformSchemaExample 2022-08-04T19:00:48Z logger.go:66:                       - jksPassword              = {
TestTerraformSchemaExample 2022-08-04T19:00:48Z logger.go:66:                           - secretRef = null
TestTerraformSchemaExample 2022-08-04T19:00:48Z logger.go:66:                         }
TestTerraformSchemaExample 2022-08-04T19:00:48Z logger.go:66:                       - secretRef                = null
TestTerraformSchemaExample 2022-08-04T19:00:48Z logger.go:66:                     }
TestTerraformSchemaExample 2022-08-04T19:00:48Z logger.go:66:                 }
TestTerraformSchemaExample 2022-08-04T19:00:48Z logger.go:66:             }
TestTerraformSchemaExample 2022-08-04T19:00:48Z logger.go:66:         } -> null
TestTerraformSchemaExample 2022-08-04T19:00:48Z logger.go:66:
TestTerraformSchemaExample 2022-08-04T19:00:48Z logger.go:66:       - timeouts {
TestTerraformSchemaExample 2022-08-04T19:00:48Z logger.go:66:           - create = "10m" -> null
TestTerraformSchemaExample 2022-08-04T19:00:48Z logger.go:66:           - delete = "10m" -> null
TestTerraformSchemaExample 2022-08-04T19:00:48Z logger.go:66:           - update = "10m" -> null
TestTerraformSchemaExample 2022-08-04T19:00:48Z logger.go:66:         }
TestTerraformSchemaExample 2022-08-04T19:00:48Z logger.go:66:
TestTerraformSchemaExample 2022-08-04T19:00:48Z logger.go:66:       - wait {
TestTerraformSchemaExample 2022-08-04T19:00:48Z logger.go:66:           - fields = {
TestTerraformSchemaExample 2022-08-04T19:00:48Z logger.go:66:               - "status.state" = "SUCCEEDED"
TestTerraformSchemaExample 2022-08-04T19:00:48Z logger.go:66:             } -> null
TestTerraformSchemaExample 2022-08-04T19:00:48Z logger.go:66:         }
TestTerraformSchemaExample 2022-08-04T19:00:48Z logger.go:66:     }
TestTerraformSchemaExample 2022-08-04T19:00:48Z logger.go:66:
TestTerraformSchemaExample 2022-08-04T19:00:48Z logger.go:66:   # module.confluent_platform.module.confluent_operator[0].helm_release.confluent_operator[0] will be destroyed
TestTerraformSchemaExample 2022-08-04T19:00:48Z logger.go:66:   - resource "helm_release" "confluent_operator" {
TestTerraformSchemaExample 2022-08-04T19:00:48Z logger.go:66:       - atomic                     = false -> null
TestTerraformSchemaExample 2022-08-04T19:00:48Z logger.go:66:       - chart                      = "confluent-for-kubernetes" -> null
TestTerraformSchemaExample 2022-08-04T19:00:48Z logger.go:66:       - cleanup_on_fail            = false -> null
TestTerraformSchemaExample 2022-08-04T19:00:48Z logger.go:66:       - create_namespace           = false -> null
TestTerraformSchemaExample 2022-08-04T19:00:48Z logger.go:66:       - dependency_update          = false -> null
TestTerraformSchemaExample 2022-08-04T19:00:48Z logger.go:66:       - disable_crd_hooks          = false -> null
TestTerraformSchemaExample 2022-08-04T19:00:48Z logger.go:66:       - disable_openapi_validation = false -> null
TestTerraformSchemaExample 2022-08-04T19:00:48Z logger.go:66:       - disable_webhooks           = false -> null
TestTerraformSchemaExample 2022-08-04T19:00:48Z logger.go:66:       - force_update               = false -> null
TestTerraformSchemaExample 2022-08-04T19:00:48Z logger.go:66:       - id                         = "confluent-operator" -> null
TestTerraformSchemaExample 2022-08-04T19:00:48Z logger.go:66:       - lint                       = false -> null
TestTerraformSchemaExample 2022-08-04T19:00:48Z logger.go:66:       - max_history                = 0 -> null
TestTerraformSchemaExample 2022-08-04T19:00:48Z logger.go:66:       - metadata                   = [
TestTerraformSchemaExample 2022-08-04T19:00:48Z logger.go:66:           - {
TestTerraformSchemaExample 2022-08-04T19:00:48Z logger.go:66:               - app_version = "2.4.1"
TestTerraformSchemaExample 2022-08-04T19:00:48Z logger.go:66:               - chart       = "confluent-for-kubernetes"
TestTerraformSchemaExample 2022-08-04T19:00:48Z logger.go:66:               - name        = "confluent-operator"
TestTerraformSchemaExample 2022-08-04T19:00:48Z logger.go:66:               - namespace   = "confluent"
TestTerraformSchemaExample 2022-08-04T19:00:48Z logger.go:66:               - revision    = 1
TestTerraformSchemaExample 2022-08-04T19:00:48Z logger.go:66:               - values      = "null"
TestTerraformSchemaExample 2022-08-04T19:00:48Z logger.go:66:               - version     = "0.517.23"
TestTerraformSchemaExample 2022-08-04T19:00:48Z logger.go:66:             },
TestTerraformSchemaExample 2022-08-04T19:00:48Z logger.go:66:         ] -> null
TestTerraformSchemaExample 2022-08-04T19:00:48Z logger.go:66:       - name                       = "confluent-operator" -> null
TestTerraformSchemaExample 2022-08-04T19:00:48Z logger.go:66:       - namespace                  = "confluent" -> null
TestTerraformSchemaExample 2022-08-04T19:00:48Z logger.go:66:       - pass_credentials           = false -> null
TestTerraformSchemaExample 2022-08-04T19:00:48Z logger.go:66:       - recreate_pods              = false -> null
TestTerraformSchemaExample 2022-08-04T19:00:48Z logger.go:66:       - render_subchart_notes      = true -> null
TestTerraformSchemaExample 2022-08-04T19:00:48Z logger.go:66:       - replace                    = false -> null
TestTerraformSchemaExample 2022-08-04T19:00:48Z logger.go:66:       - repository                 = "https://packages.confluent.io/helm" -> null
TestTerraformSchemaExample 2022-08-04T19:00:48Z logger.go:66:       - reset_values               = false -> null
TestTerraformSchemaExample 2022-08-04T19:00:48Z logger.go:66:       - reuse_values               = false -> null
TestTerraformSchemaExample 2022-08-04T19:00:48Z logger.go:66:       - skip_crds                  = false -> null
TestTerraformSchemaExample 2022-08-04T19:00:48Z logger.go:66:       - status                     = "deployed" -> null
TestTerraformSchemaExample 2022-08-04T19:00:48Z logger.go:66:       - timeout                    = 300 -> null
TestTerraformSchemaExample 2022-08-04T19:00:48Z logger.go:66:       - values                     = [] -> null
TestTerraformSchemaExample 2022-08-04T19:00:48Z logger.go:66:       - verify                     = false -> null
TestTerraformSchemaExample 2022-08-04T19:00:48Z logger.go:66:       - version                    = "0.517.23" -> null
TestTerraformSchemaExample 2022-08-04T19:00:48Z logger.go:66:       - wait                       = true -> null
TestTerraformSchemaExample 2022-08-04T19:00:48Z logger.go:66:       - wait_for_jobs              = true -> null
TestTerraformSchemaExample 2022-08-04T19:00:48Z logger.go:66:     }
TestTerraformSchemaExample 2022-08-04T19:00:48Z logger.go:66:
TestTerraformSchemaExample 2022-08-04T19:00:48Z logger.go:66:   # module.confluent_platform.module.confluent_operator[0].kubernetes_namespace_v1.namespace[0] will be destroyed
TestTerraformSchemaExample 2022-08-04T19:00:48Z logger.go:66:   - resource "kubernetes_namespace_v1" "namespace" {
TestTerraformSchemaExample 2022-08-04T19:00:48Z logger.go:66:       - id = "confluent" -> null
TestTerraformSchemaExample 2022-08-04T19:00:48Z logger.go:66:
TestTerraformSchemaExample 2022-08-04T19:00:48Z logger.go:66:       - metadata {
TestTerraformSchemaExample 2022-08-04T19:00:48Z logger.go:66:           - annotations      = {} -> null
TestTerraformSchemaExample 2022-08-04T19:00:48Z logger.go:66:           - generation       = 0 -> null
TestTerraformSchemaExample 2022-08-04T19:00:48Z logger.go:66:           - labels           = {} -> null
TestTerraformSchemaExample 2022-08-04T19:00:48Z logger.go:66:           - name             = "confluent" -> null
TestTerraformSchemaExample 2022-08-04T19:00:48Z logger.go:66:           - resource_version = "69911" -> null
TestTerraformSchemaExample 2022-08-04T19:00:48Z logger.go:66:           - uid              = "725d757d-0c8d-4df4-a8a8-0bf999baec10" -> null
TestTerraformSchemaExample 2022-08-04T19:00:48Z logger.go:66:         }
TestTerraformSchemaExample 2022-08-04T19:00:48Z logger.go:66:     }
TestTerraformSchemaExample 2022-08-04T19:00:48Z logger.go:66:
TestTerraformSchemaExample 2022-08-04T19:00:48Z logger.go:66:   # module.confluent_platform.module.connectors["pageviews-avro-datagen"].kubernetes_manifest.connector will be destroyed
TestTerraformSchemaExample 2022-08-04T19:00:48Z logger.go:66:   - resource "kubernetes_manifest" "connector" {
TestTerraformSchemaExample 2022-08-04T19:00:48Z logger.go:66:       - computed_fields = [
TestTerraformSchemaExample 2022-08-04T19:00:48Z logger.go:66:           - "metadata.finalizers",
TestTerraformSchemaExample 2022-08-04T19:00:48Z logger.go:66:         ] -> null
TestTerraformSchemaExample 2022-08-04T19:00:48Z logger.go:66:       - manifest        = {
TestTerraformSchemaExample 2022-08-04T19:00:48Z logger.go:66:           - apiVersion = "platform.confluent.io/v1beta1"
TestTerraformSchemaExample 2022-08-04T19:00:48Z logger.go:66:           - kind       = "Connector"
TestTerraformSchemaExample 2022-08-04T19:00:48Z logger.go:66:           - metadata   = {
TestTerraformSchemaExample 2022-08-04T19:00:48Z logger.go:66:               - name      = "pageviews-avro-datagen"
TestTerraformSchemaExample 2022-08-04T19:00:48Z logger.go:66:               - namespace = "confluent"
TestTerraformSchemaExample 2022-08-04T19:00:48Z logger.go:66:             }
TestTerraformSchemaExample 2022-08-04T19:00:48Z logger.go:66:           - spec       = {
TestTerraformSchemaExample 2022-08-04T19:00:48Z logger.go:66:               - class             = "io.confluent.kafka.connect.datagen.DatagenConnector"
TestTerraformSchemaExample 2022-08-04T19:00:48Z logger.go:66:               - configs           = {
TestTerraformSchemaExample 2022-08-04T19:00:48Z logger.go:66:                   - iterations                            = "10000000"
TestTerraformSchemaExample 2022-08-04T19:00:48Z logger.go:66:                   - "kafka.topic"                         = "pageviews"
TestTerraformSchemaExample 2022-08-04T19:00:48Z logger.go:66:                   - "key.converter"                       = "org.apache.kafka.connect.storage.StringConverter"
TestTerraformSchemaExample 2022-08-04T19:00:48Z logger.go:66:                   - "max.interval"                        = "100"
TestTerraformSchemaExample 2022-08-04T19:00:48Z logger.go:66:                   - quickstart                            = "pageviews"
TestTerraformSchemaExample 2022-08-04T19:00:48Z logger.go:66:                   - "value.converter"                     = "io.confluent.connect.avro.AvroConverter"
TestTerraformSchemaExample 2022-08-04T19:00:48Z logger.go:66:                   - "value.converter.schema.registry.url" = "http://schemaregistry.confluent.svc.cluster.local:8081"
TestTerraformSchemaExample 2022-08-04T19:00:48Z logger.go:66:                   - "value.converter.schemas.enable"      = "true"
TestTerraformSchemaExample 2022-08-04T19:00:48Z logger.go:66:                 }
TestTerraformSchemaExample 2022-08-04T19:00:48Z logger.go:66:               - connectClusterRef = {
TestTerraformSchemaExample 2022-08-04T19:00:48Z logger.go:66:                   - name = "connect"
TestTerraformSchemaExample 2022-08-04T19:00:48Z logger.go:66:                 }
TestTerraformSchemaExample 2022-08-04T19:00:48Z logger.go:66:               - taskMax           = 1
TestTerraformSchemaExample 2022-08-04T19:00:48Z logger.go:66:             }
TestTerraformSchemaExample 2022-08-04T19:00:48Z logger.go:66:         } -> null
TestTerraformSchemaExample 2022-08-04T19:00:48Z logger.go:66:       - object          = {
TestTerraformSchemaExample 2022-08-04T19:00:48Z logger.go:66:           - apiVersion = "platform.confluent.io/v1beta1"
TestTerraformSchemaExample 2022-08-04T19:00:48Z logger.go:66:           - kind       = "Connector"
TestTerraformSchemaExample 2022-08-04T19:00:48Z logger.go:66:           - metadata   = {
TestTerraformSchemaExample 2022-08-04T19:00:48Z logger.go:66:               - annotations                = null
TestTerraformSchemaExample 2022-08-04T19:00:48Z logger.go:66:               - clusterName                = null
TestTerraformSchemaExample 2022-08-04T19:00:48Z logger.go:66:               - creationTimestamp          = null
TestTerraformSchemaExample 2022-08-04T19:00:48Z logger.go:66:               - deletionGracePeriodSeconds = null
TestTerraformSchemaExample 2022-08-04T19:00:48Z logger.go:66:               - deletionTimestamp          = null
TestTerraformSchemaExample 2022-08-04T19:00:48Z logger.go:66:               - finalizers                 = [
TestTerraformSchemaExample 2022-08-04T19:00:48Z logger.go:66:                   - "connector.finalizers.platform.confluent.io",
TestTerraformSchemaExample 2022-08-04T19:00:48Z logger.go:66:                 ]
TestTerraformSchemaExample 2022-08-04T19:00:48Z logger.go:66:               - generateName               = null
TestTerraformSchemaExample 2022-08-04T19:00:48Z logger.go:66:               - generation                 = null
TestTerraformSchemaExample 2022-08-04T19:00:48Z logger.go:66:               - labels                     = null
TestTerraformSchemaExample 2022-08-04T19:00:48Z logger.go:66:               - managedFields              = null
TestTerraformSchemaExample 2022-08-04T19:00:48Z logger.go:66:               - name                       = "pageviews-avro-datagen"
TestTerraformSchemaExample 2022-08-04T19:00:48Z logger.go:66:               - namespace                  = "confluent"
TestTerraformSchemaExample 2022-08-04T19:00:48Z logger.go:66:               - ownerReferences            = [
TestTerraformSchemaExample 2022-08-04T19:00:48Z logger.go:66:                   - {
TestTerraformSchemaExample 2022-08-04T19:00:48Z logger.go:66:                       - apiVersion         = "platform.confluent.io/v1beta1"
TestTerraformSchemaExample 2022-08-04T19:00:48Z logger.go:66:                       - blockOwnerDeletion = true
TestTerraformSchemaExample 2022-08-04T19:00:48Z logger.go:66:                       - controller         = true
TestTerraformSchemaExample 2022-08-04T19:00:48Z logger.go:66:                       - kind               = "Connect"
TestTerraformSchemaExample 2022-08-04T19:00:48Z logger.go:66:                       - name               = "connect"
TestTerraformSchemaExample 2022-08-04T19:00:48Z logger.go:66:                       - uid                = "8d1c7645-543c-4abb-abff-3823a2a4fbe1"
TestTerraformSchemaExample 2022-08-04T19:00:48Z logger.go:66:                     },
TestTerraformSchemaExample 2022-08-04T19:00:48Z logger.go:66:                 ]
TestTerraformSchemaExample 2022-08-04T19:00:48Z logger.go:66:               - resourceVersion            = null
TestTerraformSchemaExample 2022-08-04T19:00:48Z logger.go:66:               - selfLink                   = null
TestTerraformSchemaExample 2022-08-04T19:00:48Z logger.go:66:               - uid                        = null
TestTerraformSchemaExample 2022-08-04T19:00:48Z logger.go:66:             }
TestTerraformSchemaExample 2022-08-04T19:00:48Z logger.go:66:           - spec       = {
TestTerraformSchemaExample 2022-08-04T19:00:48Z logger.go:66:               - class             = "io.confluent.kafka.connect.datagen.DatagenConnector"
TestTerraformSchemaExample 2022-08-04T19:00:48Z logger.go:66:               - configs           = {
TestTerraformSchemaExample 2022-08-04T19:00:48Z logger.go:66:                   - "iterations"                          = "10000000"
TestTerraformSchemaExample 2022-08-04T19:00:48Z logger.go:66:                   - "kafka.topic"                         = "pageviews"
TestTerraformSchemaExample 2022-08-04T19:00:48Z logger.go:66:                   - "key.converter"                       = "org.apache.kafka.connect.storage.StringConverter"
TestTerraformSchemaExample 2022-08-04T19:00:48Z logger.go:66:                   - "max.interval"                        = "100"
TestTerraformSchemaExample 2022-08-04T19:00:48Z logger.go:66:                   - "quickstart"                          = "pageviews"
TestTerraformSchemaExample 2022-08-04T19:00:48Z logger.go:66:                   - "value.converter"                     = "io.confluent.connect.avro.AvroConverter"
TestTerraformSchemaExample 2022-08-04T19:00:48Z logger.go:66:                   - "value.converter.schema.registry.url" = "http://schemaregistry.confluent.svc.cluster.local:8081"
TestTerraformSchemaExample 2022-08-04T19:00:48Z logger.go:66:                   - "value.converter.schemas.enable"      = "true"
TestTerraformSchemaExample 2022-08-04T19:00:48Z logger.go:66:                 }
TestTerraformSchemaExample 2022-08-04T19:00:48Z logger.go:66:               - connectClusterRef = {
TestTerraformSchemaExample 2022-08-04T19:00:48Z logger.go:66:                   - name      = "connect"
TestTerraformSchemaExample 2022-08-04T19:00:48Z logger.go:66:                   - namespace = null
TestTerraformSchemaExample 2022-08-04T19:00:48Z logger.go:66:                 }
TestTerraformSchemaExample 2022-08-04T19:00:48Z logger.go:66:               - connectRest       = {
TestTerraformSchemaExample 2022-08-04T19:00:48Z logger.go:66:                   - authentication = {
TestTerraformSchemaExample 2022-08-04T19:00:48Z logger.go:66:                       - basic  = {
TestTerraformSchemaExample 2022-08-04T19:00:48Z logger.go:66:                           - debug                    = null
TestTerraformSchemaExample 2022-08-04T19:00:48Z logger.go:66:                           - directoryPathInContainer = null
TestTerraformSchemaExample 2022-08-04T19:00:48Z logger.go:66:                           - restrictedRoles          = null
TestTerraformSchemaExample 2022-08-04T19:00:48Z logger.go:66:                           - roles                    = null
TestTerraformSchemaExample 2022-08-04T19:00:48Z logger.go:66:                           - secretRef                = null
TestTerraformSchemaExample 2022-08-04T19:00:48Z logger.go:66:                         }
TestTerraformSchemaExample 2022-08-04T19:00:48Z logger.go:66:                       - bearer = {
TestTerraformSchemaExample 2022-08-04T19:00:48Z logger.go:66:                           - directoryPathInContainer = null
TestTerraformSchemaExample 2022-08-04T19:00:48Z logger.go:66:                           - secretRef                = null
TestTerraformSchemaExample 2022-08-04T19:00:48Z logger.go:66:                         }
TestTerraformSchemaExample 2022-08-04T19:00:48Z logger.go:66:                       - type   = null
TestTerraformSchemaExample 2022-08-04T19:00:48Z logger.go:66:                     }
TestTerraformSchemaExample 2022-08-04T19:00:48Z logger.go:66:                   - endpoint       = null
TestTerraformSchemaExample 2022-08-04T19:00:48Z logger.go:66:                   - kafkaClusterID = null
TestTerraformSchemaExample 2022-08-04T19:00:48Z logger.go:66:                   - tls            = {
TestTerraformSchemaExample 2022-08-04T19:00:48Z logger.go:66:                       - directoryPathInContainer = null
TestTerraformSchemaExample 2022-08-04T19:00:48Z logger.go:66:                       - jksPassword              = {
TestTerraformSchemaExample 2022-08-04T19:00:48Z logger.go:66:                           - secretRef = null
TestTerraformSchemaExample 2022-08-04T19:00:48Z logger.go:66:                         }
TestTerraformSchemaExample 2022-08-04T19:00:48Z logger.go:66:                       - secretRef                = null
TestTerraformSchemaExample 2022-08-04T19:00:48Z logger.go:66:                     }
TestTerraformSchemaExample 2022-08-04T19:00:48Z logger.go:66:                 }
TestTerraformSchemaExample 2022-08-04T19:00:48Z logger.go:66:               - name              = null
TestTerraformSchemaExample 2022-08-04T19:00:48Z logger.go:66:               - restartPolicy     = {
TestTerraformSchemaExample 2022-08-04T19:00:48Z logger.go:66:                   - maxRetry = null
TestTerraformSchemaExample 2022-08-04T19:00:48Z logger.go:66:                   - type     = null
TestTerraformSchemaExample 2022-08-04T19:00:48Z logger.go:66:                 }
TestTerraformSchemaExample 2022-08-04T19:00:48Z logger.go:66:               - taskMax           = 1
TestTerraformSchemaExample 2022-08-04T19:00:48Z logger.go:66:             }
TestTerraformSchemaExample 2022-08-04T19:00:48Z logger.go:66:         } -> null
TestTerraformSchemaExample 2022-08-04T19:00:48Z logger.go:66:
TestTerraformSchemaExample 2022-08-04T19:00:48Z logger.go:66:       - timeouts {
TestTerraformSchemaExample 2022-08-04T19:00:48Z logger.go:66:           - create = "10m" -> null
TestTerraformSchemaExample 2022-08-04T19:00:48Z logger.go:66:           - delete = "10m" -> null
TestTerraformSchemaExample 2022-08-04T19:00:48Z logger.go:66:           - update = "10m" -> null
TestTerraformSchemaExample 2022-08-04T19:00:48Z logger.go:66:         }
TestTerraformSchemaExample 2022-08-04T19:00:48Z logger.go:66:
TestTerraformSchemaExample 2022-08-04T19:00:48Z logger.go:66:       - wait {
TestTerraformSchemaExample 2022-08-04T19:00:48Z logger.go:66:           - fields = {
TestTerraformSchemaExample 2022-08-04T19:00:48Z logger.go:66:               - "status.state" = "CREATED"
TestTerraformSchemaExample 2022-08-04T19:00:48Z logger.go:66:             } -> null
TestTerraformSchemaExample 2022-08-04T19:00:48Z logger.go:66:         }
TestTerraformSchemaExample 2022-08-04T19:00:48Z logger.go:66:     }
TestTerraformSchemaExample 2022-08-04T19:00:48Z logger.go:66:
TestTerraformSchemaExample 2022-08-04T19:00:48Z logger.go:66:   # module.confluent_platform.module.kafka_topics["pageviews"].kubernetes_manifest.topic will be destroyed
TestTerraformSchemaExample 2022-08-04T19:00:48Z logger.go:66:   - resource "kubernetes_manifest" "topic" {
TestTerraformSchemaExample 2022-08-04T19:00:48Z logger.go:66:       - computed_fields = [
TestTerraformSchemaExample 2022-08-04T19:00:48Z logger.go:66:           - "metadata.finalizers",
TestTerraformSchemaExample 2022-08-04T19:00:48Z logger.go:66:         ] -> null
TestTerraformSchemaExample 2022-08-04T19:00:48Z logger.go:66:       - manifest        = {
TestTerraformSchemaExample 2022-08-04T19:00:48Z logger.go:66:           - apiVersion = "platform.confluent.io/v1beta1"
TestTerraformSchemaExample 2022-08-04T19:00:48Z logger.go:66:           - kind       = "KafkaTopic"
TestTerraformSchemaExample 2022-08-04T19:00:48Z logger.go:66:           - metadata   = {
TestTerraformSchemaExample 2022-08-04T19:00:48Z logger.go:66:               - name      = "pageviews"
TestTerraformSchemaExample 2022-08-04T19:00:48Z logger.go:66:               - namespace = "confluent"
TestTerraformSchemaExample 2022-08-04T19:00:48Z logger.go:66:             }
TestTerraformSchemaExample 2022-08-04T19:00:48Z logger.go:66:           - spec       = {
TestTerraformSchemaExample 2022-08-04T19:00:48Z logger.go:66:               - configs        = {
TestTerraformSchemaExample 2022-08-04T19:00:48Z logger.go:66:                   - "cleanup.policy" = "delete"
TestTerraformSchemaExample 2022-08-04T19:00:48Z logger.go:66:                 }
TestTerraformSchemaExample 2022-08-04T19:00:48Z logger.go:66:               - partitionCount = 3
TestTerraformSchemaExample 2022-08-04T19:00:48Z logger.go:66:               - replicas       = 3
TestTerraformSchemaExample 2022-08-04T19:00:48Z logger.go:66:             }
TestTerraformSchemaExample 2022-08-04T19:00:48Z logger.go:66:         } -> null
TestTerraformSchemaExample 2022-08-04T19:00:48Z logger.go:66:       - object          = {
TestTerraformSchemaExample 2022-08-04T19:00:48Z logger.go:66:           - apiVersion = "platform.confluent.io/v1beta1"
TestTerraformSchemaExample 2022-08-04T19:00:48Z logger.go:66:           - kind       = "KafkaTopic"
TestTerraformSchemaExample 2022-08-04T19:00:48Z logger.go:66:           - metadata   = {
TestTerraformSchemaExample 2022-08-04T19:00:48Z logger.go:66:               - annotations                = {
TestTerraformSchemaExample 2022-08-04T19:00:48Z logger.go:66:                   - "platform.confluent.io/last-spec-hash" = "7i6/qOJHLetfg5ZGkh0Cl1rS/27WOe+EQCiKKuet8rE="
TestTerraformSchemaExample 2022-08-04T19:00:48Z logger.go:66:                 }
TestTerraformSchemaExample 2022-08-04T19:00:48Z logger.go:66:               - clusterName                = null
TestTerraformSchemaExample 2022-08-04T19:00:48Z logger.go:66:               - creationTimestamp          = null
TestTerraformSchemaExample 2022-08-04T19:00:48Z logger.go:66:               - deletionGracePeriodSeconds = null
TestTerraformSchemaExample 2022-08-04T19:00:48Z logger.go:66:               - deletionTimestamp          = null
TestTerraformSchemaExample 2022-08-04T19:00:48Z logger.go:66:               - finalizers                 = [
TestTerraformSchemaExample 2022-08-04T19:00:48Z logger.go:66:                   - "kafkatopic.finalizers.platform.confluent.io",
TestTerraformSchemaExample 2022-08-04T19:00:48Z logger.go:66:                 ]
TestTerraformSchemaExample 2022-08-04T19:00:48Z logger.go:66:               - generateName               = null
TestTerraformSchemaExample 2022-08-04T19:00:48Z logger.go:66:               - generation                 = null
TestTerraformSchemaExample 2022-08-04T19:00:48Z logger.go:66:               - labels                     = null
TestTerraformSchemaExample 2022-08-04T19:00:48Z logger.go:66:               - managedFields              = null
TestTerraformSchemaExample 2022-08-04T19:00:48Z logger.go:66:               - name                       = "pageviews"
TestTerraformSchemaExample 2022-08-04T19:00:48Z logger.go:66:               - namespace                  = "confluent"
TestTerraformSchemaExample 2022-08-04T19:00:48Z logger.go:66:               - ownerReferences            = [
TestTerraformSchemaExample 2022-08-04T19:00:48Z logger.go:66:                   - {
TestTerraformSchemaExample 2022-08-04T19:00:48Z logger.go:66:                       - apiVersion         = "platform.confluent.io/v1beta1"
TestTerraformSchemaExample 2022-08-04T19:00:48Z logger.go:66:                       - blockOwnerDeletion = true
TestTerraformSchemaExample 2022-08-04T19:00:48Z logger.go:66:                       - controller         = true
TestTerraformSchemaExample 2022-08-04T19:00:48Z logger.go:66:                       - kind               = "Kafka"
TestTerraformSchemaExample 2022-08-04T19:00:48Z logger.go:66:                       - name               = "kafka"
TestTerraformSchemaExample 2022-08-04T19:00:48Z logger.go:66:                       - uid                = "602875a9-98f8-4d81-83d3-370282996546"
TestTerraformSchemaExample 2022-08-04T19:00:48Z logger.go:66:                     },
TestTerraformSchemaExample 2022-08-04T19:00:48Z logger.go:66:                 ]
TestTerraformSchemaExample 2022-08-04T19:00:48Z logger.go:66:               - resourceVersion            = null
TestTerraformSchemaExample 2022-08-04T19:00:48Z logger.go:66:               - selfLink                   = null
TestTerraformSchemaExample 2022-08-04T19:00:48Z logger.go:66:               - uid                        = null
TestTerraformSchemaExample 2022-08-04T19:00:48Z logger.go:66:             }
TestTerraformSchemaExample 2022-08-04T19:00:48Z logger.go:66:           - spec       = {
TestTerraformSchemaExample 2022-08-04T19:00:48Z logger.go:66:               - configs           = {
TestTerraformSchemaExample 2022-08-04T19:00:48Z logger.go:66:                   - "cleanup.policy" = "delete"
TestTerraformSchemaExample 2022-08-04T19:00:48Z logger.go:66:                 }
TestTerraformSchemaExample 2022-08-04T19:00:48Z logger.go:66:               - kafkaClusterRef   = {
TestTerraformSchemaExample 2022-08-04T19:00:48Z logger.go:66:                   - name      = null
TestTerraformSchemaExample 2022-08-04T19:00:48Z logger.go:66:                   - namespace = null
TestTerraformSchemaExample 2022-08-04T19:00:48Z logger.go:66:                 }
TestTerraformSchemaExample 2022-08-04T19:00:48Z logger.go:66:               - kafkaRest         = {
TestTerraformSchemaExample 2022-08-04T19:00:48Z logger.go:66:                   - authentication = {
TestTerraformSchemaExample 2022-08-04T19:00:48Z logger.go:66:                       - basic  = {
TestTerraformSchemaExample 2022-08-04T19:00:48Z logger.go:66:                           - debug                    = null
TestTerraformSchemaExample 2022-08-04T19:00:48Z logger.go:66:                           - directoryPathInContainer = null
TestTerraformSchemaExample 2022-08-04T19:00:48Z logger.go:66:                           - restrictedRoles          = null
TestTerraformSchemaExample 2022-08-04T19:00:48Z logger.go:66:                           - roles                    = null
TestTerraformSchemaExample 2022-08-04T19:00:48Z logger.go:66:                           - secretRef                = null
TestTerraformSchemaExample 2022-08-04T19:00:48Z logger.go:66:                         }
TestTerraformSchemaExample 2022-08-04T19:00:48Z logger.go:66:                       - bearer = {
TestTerraformSchemaExample 2022-08-04T19:00:48Z logger.go:66:                           - directoryPathInContainer = null
TestTerraformSchemaExample 2022-08-04T19:00:48Z logger.go:66:                           - secretRef                = null
TestTerraformSchemaExample 2022-08-04T19:00:48Z logger.go:66:                         }
TestTerraformSchemaExample 2022-08-04T19:00:48Z logger.go:66:                       - type   = null
TestTerraformSchemaExample 2022-08-04T19:00:48Z logger.go:66:                     }
TestTerraformSchemaExample 2022-08-04T19:00:48Z logger.go:66:                   - endpoint       = null
TestTerraformSchemaExample 2022-08-04T19:00:48Z logger.go:66:                   - kafkaClusterID = null
TestTerraformSchemaExample 2022-08-04T19:00:48Z logger.go:66:                   - tls            = {
TestTerraformSchemaExample 2022-08-04T19:00:48Z logger.go:66:                       - directoryPathInContainer = null
TestTerraformSchemaExample 2022-08-04T19:00:48Z logger.go:66:                       - jksPassword              = {
TestTerraformSchemaExample 2022-08-04T19:00:48Z logger.go:66:                           - secretRef = null
TestTerraformSchemaExample 2022-08-04T19:00:48Z logger.go:66:                         }
TestTerraformSchemaExample 2022-08-04T19:00:48Z logger.go:66:                       - secretRef                = null
TestTerraformSchemaExample 2022-08-04T19:00:48Z logger.go:66:                     }
TestTerraformSchemaExample 2022-08-04T19:00:48Z logger.go:66:                 }
TestTerraformSchemaExample 2022-08-04T19:00:48Z logger.go:66:               - kafkaRestClassRef = {
TestTerraformSchemaExample 2022-08-04T19:00:48Z logger.go:66:                   - name      = null
TestTerraformSchemaExample 2022-08-04T19:00:48Z logger.go:66:                   - namespace = null
TestTerraformSchemaExample 2022-08-04T19:00:48Z logger.go:66:                 }
TestTerraformSchemaExample 2022-08-04T19:00:48Z logger.go:66:               - name              = null
TestTerraformSchemaExample 2022-08-04T19:00:48Z logger.go:66:               - partitionCount    = 3
TestTerraformSchemaExample 2022-08-04T19:00:48Z logger.go:66:               - replicas          = 3
TestTerraformSchemaExample 2022-08-04T19:00:48Z logger.go:66:             }
TestTerraformSchemaExample 2022-08-04T19:00:48Z logger.go:66:         } -> null
TestTerraformSchemaExample 2022-08-04T19:00:48Z logger.go:66:
TestTerraformSchemaExample 2022-08-04T19:00:48Z logger.go:66:       - timeouts {
TestTerraformSchemaExample 2022-08-04T19:00:48Z logger.go:66:           - create = "10m" -> null
TestTerraformSchemaExample 2022-08-04T19:00:48Z logger.go:66:           - delete = "10m" -> null
TestTerraformSchemaExample 2022-08-04T19:00:48Z logger.go:66:           - update = "10m" -> null
TestTerraformSchemaExample 2022-08-04T19:00:48Z logger.go:66:         }
TestTerraformSchemaExample 2022-08-04T19:00:48Z logger.go:66:
TestTerraformSchemaExample 2022-08-04T19:00:48Z logger.go:66:       - wait {
TestTerraformSchemaExample 2022-08-04T19:00:48Z logger.go:66:           - fields = {
TestTerraformSchemaExample 2022-08-04T19:00:48Z logger.go:66:               - "status.state" = "CREATED"
TestTerraformSchemaExample 2022-08-04T19:00:48Z logger.go:66:             } -> null
TestTerraformSchemaExample 2022-08-04T19:00:48Z logger.go:66:         }
TestTerraformSchemaExample 2022-08-04T19:00:48Z logger.go:66:     }
TestTerraformSchemaExample 2022-08-04T19:00:48Z logger.go:66:
TestTerraformSchemaExample 2022-08-04T19:00:48Z logger.go:66: Plan: 0 to add, 0 to change, 10 to destroy.
TestTerraformSchemaExample 2022-08-04T19:00:48Z logger.go:66:
TestTerraformSchemaExample 2022-08-04T19:00:48Z logger.go:66: Changes to Outputs:
TestTerraformSchemaExample 2022-08-04T19:00:48Z logger.go:66:   - schema_config_map_data = jsonencode(
TestTerraformSchemaExample 2022-08-04T19:00:48Z logger.go:66:         {
TestTerraformSchemaExample 2022-08-04T19:00:48Z logger.go:66:           - schema = jsonencode(
TestTerraformSchemaExample 2022-08-04T19:00:48Z logger.go:66:                 {
TestTerraformSchemaExample 2022-08-04T19:00:48Z logger.go:66:                   - "connect.name" = "ksql.pageviews"
TestTerraformSchemaExample 2022-08-04T19:00:48Z logger.go:66:                   - fields         = [
TestTerraformSchemaExample 2022-08-04T19:00:48Z logger.go:66:                       - {
TestTerraformSchemaExample 2022-08-04T19:00:48Z logger.go:66:                           - name = "viewtime"
TestTerraformSchemaExample 2022-08-04T19:00:48Z logger.go:66:                           - type = "long"
TestTerraformSchemaExample 2022-08-04T19:00:48Z logger.go:66:                         },
TestTerraformSchemaExample 2022-08-04T19:00:48Z logger.go:66:                       - {
TestTerraformSchemaExample 2022-08-04T19:00:48Z logger.go:66:                           - name = "userid"
TestTerraformSchemaExample 2022-08-04T19:00:48Z logger.go:66:                           - type = "string"
TestTerraformSchemaExample 2022-08-04T19:00:48Z logger.go:66:                         },
TestTerraformSchemaExample 2022-08-04T19:00:48Z logger.go:66:                       - {
TestTerraformSchemaExample 2022-08-04T19:00:48Z logger.go:66:                           - name = "pageid"
TestTerraformSchemaExample 2022-08-04T19:00:48Z logger.go:66:                           - type = "string"
TestTerraformSchemaExample 2022-08-04T19:00:48Z logger.go:66:                         },
TestTerraformSchemaExample 2022-08-04T19:00:48Z logger.go:66:                     ]
TestTerraformSchemaExample 2022-08-04T19:00:48Z logger.go:66:                   - name           = "pageviews"
TestTerraformSchemaExample 2022-08-04T19:00:48Z logger.go:66:                   - namespace      = "ksql"
TestTerraformSchemaExample 2022-08-04T19:00:48Z logger.go:66:                   - type           = "record"
TestTerraformSchemaExample 2022-08-04T19:00:48Z logger.go:66:                 }
TestTerraformSchemaExample 2022-08-04T19:00:48Z logger.go:66:             )
TestTerraformSchemaExample 2022-08-04T19:00:48Z logger.go:66:         }
TestTerraformSchemaExample 2022-08-04T19:00:48Z logger.go:66:     ) -> null
TestTerraformSchemaExample 2022-08-04T19:00:48Z logger.go:66:   - schema_object_spec     = {
TestTerraformSchemaExample 2022-08-04T19:00:48Z logger.go:66:       - compatibilityLevel       = null
TestTerraformSchemaExample 2022-08-04T19:00:48Z logger.go:66:       - data                     = {
TestTerraformSchemaExample 2022-08-04T19:00:48Z logger.go:66:           - configRef = "pageviews-value-config"
TestTerraformSchemaExample 2022-08-04T19:00:48Z logger.go:66:           - format    = "avro"
TestTerraformSchemaExample 2022-08-04T19:00:48Z logger.go:66:         }
TestTerraformSchemaExample 2022-08-04T19:00:48Z logger.go:66:       - name                     = null
TestTerraformSchemaExample 2022-08-04T19:00:48Z logger.go:66:       - schemaReferences         = null
TestTerraformSchemaExample 2022-08-04T19:00:48Z logger.go:66:       - schemaRegistryClusterRef = {
TestTerraformSchemaExample 2022-08-04T19:00:48Z logger.go:66:           - name      = null
TestTerraformSchemaExample 2022-08-04T19:00:48Z logger.go:66:           - namespace = null
TestTerraformSchemaExample 2022-08-04T19:00:48Z logger.go:66:         }
TestTerraformSchemaExample 2022-08-04T19:00:48Z logger.go:66:       - schemaRegistryRest       = {
TestTerraformSchemaExample 2022-08-04T19:00:48Z logger.go:66:           - authentication = {
TestTerraformSchemaExample 2022-08-04T19:00:48Z logger.go:66:               - basic  = {
TestTerraformSchemaExample 2022-08-04T19:00:48Z logger.go:66:                   - debug                    = null
TestTerraformSchemaExample 2022-08-04T19:00:48Z logger.go:66:                   - directoryPathInContainer = null
TestTerraformSchemaExample 2022-08-04T19:00:48Z logger.go:66:                   - restrictedRoles          = null
TestTerraformSchemaExample 2022-08-04T19:00:48Z logger.go:66:                   - roles                    = null
TestTerraformSchemaExample 2022-08-04T19:00:48Z logger.go:66:                   - secretRef                = null
TestTerraformSchemaExample 2022-08-04T19:00:48Z logger.go:66:                 }
TestTerraformSchemaExample 2022-08-04T19:00:48Z logger.go:66:               - bearer = {
TestTerraformSchemaExample 2022-08-04T19:00:48Z logger.go:66:                   - directoryPathInContainer = null
TestTerraformSchemaExample 2022-08-04T19:00:48Z logger.go:66:                   - secretRef                = null
TestTerraformSchemaExample 2022-08-04T19:00:48Z logger.go:66:                 }
TestTerraformSchemaExample 2022-08-04T19:00:48Z logger.go:66:               - type   = null
TestTerraformSchemaExample 2022-08-04T19:00:48Z logger.go:66:             }
TestTerraformSchemaExample 2022-08-04T19:00:48Z logger.go:66:           - endpoint       = null
TestTerraformSchemaExample 2022-08-04T19:00:48Z logger.go:66:           - kafkaClusterID = null
TestTerraformSchemaExample 2022-08-04T19:00:48Z logger.go:66:           - tls            = {
TestTerraformSchemaExample 2022-08-04T19:00:48Z logger.go:66:               - directoryPathInContainer = null
TestTerraformSchemaExample 2022-08-04T19:00:48Z logger.go:66:               - jksPassword              = {
TestTerraformSchemaExample 2022-08-04T19:00:48Z logger.go:66:                   - secretRef = null
TestTerraformSchemaExample 2022-08-04T19:00:48Z logger.go:66:                 }
TestTerraformSchemaExample 2022-08-04T19:00:48Z logger.go:66:               - secretRef                = null
TestTerraformSchemaExample 2022-08-04T19:00:48Z logger.go:66:             }
TestTerraformSchemaExample 2022-08-04T19:00:48Z logger.go:66:         }
TestTerraformSchemaExample 2022-08-04T19:00:48Z logger.go:66:     } -> null
TestTerraformSchemaExample 2022-08-04T19:00:52Z logger.go:66: module.confluent_platform.module.connectors["pageviews-avro-datagen"].kubernetes_manifest.connector: Destroying...
TestTerraformSchemaExample 2022-08-04T19:00:52Z logger.go:66: module.schema.kubernetes_manifest.schema: Destroying...
TestTerraformSchemaExample 2022-08-04T19:00:53Z logger.go:66: module.confluent_platform.module.connectors["pageviews-avro-datagen"].kubernetes_manifest.connector: Destruction complete after 1s
TestTerraformSchemaExample 2022-08-04T19:00:54Z logger.go:66: module.schema.kubernetes_manifest.schema: Destruction complete after 1s
TestTerraformSchemaExample 2022-08-04T19:00:54Z logger.go:66: module.schema.kubernetes_config_map_v1.schema_config: Destroying... [id=confluent/pageviews-value-config]
TestTerraformSchemaExample 2022-08-04T19:00:54Z logger.go:66: module.schema.kubernetes_config_map_v1.schema_config: Destruction complete after 0s
TestTerraformSchemaExample 2022-08-04T19:00:54Z logger.go:66: module.confluent_platform.module.kafka_topics["pageviews"].kubernetes_manifest.topic: Destroying...
TestTerraformSchemaExample 2022-08-04T19:00:55Z logger.go:66: module.confluent_platform.module.kafka_topics["pageviews"].kubernetes_manifest.topic: Destruction complete after 1s
TestTerraformSchemaExample 2022-08-04T19:00:57Z logger.go:66: module.confluent_platform.kubernetes_manifest.components["zookeeper"]: Destroying...
TestTerraformSchemaExample 2022-08-04T19:00:57Z logger.go:66: module.confluent_platform.kubernetes_manifest.components["connect"]: Destroying...
TestTerraformSchemaExample 2022-08-04T19:00:58Z logger.go:66: module.confluent_platform.kubernetes_manifest.components["schemaregistry"]: Destroying...
TestTerraformSchemaExample 2022-08-04T19:00:58Z logger.go:66: module.confluent_platform.kubernetes_manifest.components["kafka"]: Destroying...
TestTerraformSchemaExample 2022-08-04T19:00:58Z logger.go:66: module.confluent_platform.kubernetes_manifest.components["zookeeper"]: Destruction complete after 1s
TestTerraformSchemaExample 2022-08-04T19:00:59Z logger.go:66: module.confluent_platform.kubernetes_manifest.components["connect"]: Destruction complete after 1s
TestTerraformSchemaExample 2022-08-04T19:00:59Z logger.go:66: module.confluent_platform.kubernetes_manifest.components["schemaregistry"]: Destruction complete after 1s
TestTerraformSchemaExample 2022-08-04T19:00:59Z logger.go:66: module.confluent_platform.kubernetes_manifest.components["kafka"]: Destruction complete after 1s
TestTerraformSchemaExample 2022-08-04T19:00:59Z logger.go:66: module.confluent_platform.module.confluent_operator[0].helm_release.confluent_operator[0]: Destroying... [id=confluent-operator]
TestTerraformSchemaExample 2022-08-04T19:01:04Z logger.go:66: module.confluent_platform.module.confluent_operator[0].helm_release.confluent_operator[0]: Destruction complete after 5s
TestTerraformSchemaExample 2022-08-04T19:01:04Z logger.go:66: module.confluent_platform.module.confluent_operator[0].kubernetes_namespace_v1.namespace[0]: Destroying... [id=confluent]
TestTerraformSchemaExample 2022-08-04T19:01:14Z logger.go:66: module.confluent_platform.module.confluent_operator[0].kubernetes_namespace_v1.namespace[0]: Still destroying... [id=confluent, 10s elapsed]
TestTerraformSchemaExample 2022-08-04T19:01:24Z logger.go:66: module.confluent_platform.module.confluent_operator[0].kubernetes_namespace_v1.namespace[0]: Still destroying... [id=confluent, 20s elapsed]
TestTerraformSchemaExample 2022-08-04T19:01:34Z logger.go:66: module.confluent_platform.module.confluent_operator[0].kubernetes_namespace_v1.namespace[0]: Still destroying... [id=confluent, 30s elapsed]
TestTerraformSchemaExample 2022-08-04T19:01:44Z logger.go:66: module.confluent_platform.module.confluent_operator[0].kubernetes_namespace_v1.namespace[0]: Still destroying... [id=confluent, 40s elapsed]
TestTerraformSchemaExample 2022-08-04T19:01:47Z logger.go:66: module.confluent_platform.module.confluent_operator[0].kubernetes_namespace_v1.namespace[0]: Destruction complete after 43s
TestTerraformSchemaExample 2022-08-04T19:01:47Z logger.go:66:
TestTerraformSchemaExample 2022-08-04T19:01:47Z logger.go:66: Destroy complete! Resources: 10 destroyed.
--- PASS: TestTerraformSchemaExample (336.87s)
PASS
ok  	command-line-arguments	336.894s
