=== RUN   TestTerraformConfluentPlatformExample
TestTerraformConfluentPlatformExample 2022-07-30T18:16:42Z retry.go:91: terraform [init -upgrade=false]
TestTerraformConfluentPlatformExample 2022-07-30T18:16:42Z logger.go:66: Running command terraform with args [init -upgrade=false]
TestTerraformConfluentPlatformExample 2022-07-30T18:16:42Z logger.go:66: [0m[1mInitializing modules...[0m
TestTerraformConfluentPlatformExample 2022-07-30T18:16:42Z logger.go:66:
TestTerraformConfluentPlatformExample 2022-07-30T18:16:42Z logger.go:66: [0m[1mInitializing the backend...[0m
TestTerraformConfluentPlatformExample 2022-07-30T18:16:43Z logger.go:66:
TestTerraformConfluentPlatformExample 2022-07-30T18:16:43Z logger.go:66: [0m[1mInitializing provider plugins...[0m
TestTerraformConfluentPlatformExample 2022-07-30T18:16:43Z logger.go:66: - Reusing previous version of hashicorp/kubernetes from the dependency lock file
TestTerraformConfluentPlatformExample 2022-07-30T18:16:43Z logger.go:66: - Reusing previous version of hashicorp/helm from the dependency lock file
TestTerraformConfluentPlatformExample 2022-07-30T18:16:43Z logger.go:66: - Using previously-installed hashicorp/kubernetes v2.12.1
TestTerraformConfluentPlatformExample 2022-07-30T18:16:43Z logger.go:66: - Using previously-installed hashicorp/helm v2.6.0
TestTerraformConfluentPlatformExample 2022-07-30T18:16:43Z logger.go:66:
TestTerraformConfluentPlatformExample 2022-07-30T18:16:43Z logger.go:66: [0m[1m[32mTerraform has been successfully initialized![0m[32m[0m
TestTerraformConfluentPlatformExample 2022-07-30T18:16:43Z logger.go:66: [0m[32m
TestTerraformConfluentPlatformExample 2022-07-30T18:16:43Z logger.go:66: You may now begin working with Terraform. Try running "terraform plan" to see
TestTerraformConfluentPlatformExample 2022-07-30T18:16:43Z logger.go:66: any changes that are required for your infrastructure. All Terraform commands
TestTerraformConfluentPlatformExample 2022-07-30T18:16:43Z logger.go:66: should now work.
TestTerraformConfluentPlatformExample 2022-07-30T18:16:43Z logger.go:66:
TestTerraformConfluentPlatformExample 2022-07-30T18:16:43Z logger.go:66: If you ever set or change modules or backend configuration for Terraform,
TestTerraformConfluentPlatformExample 2022-07-30T18:16:43Z logger.go:66: rerun this command to reinitialize your working directory. If you forget, other
TestTerraformConfluentPlatformExample 2022-07-30T18:16:43Z logger.go:66: commands will detect it and remind you to do so if necessary.[0m
TestTerraformConfluentPlatformExample 2022-07-30T18:16:43Z retry.go:91: terraform [apply -input=false -auto-approve -no-color -lock=false]
TestTerraformConfluentPlatformExample 2022-07-30T18:16:43Z logger.go:66: Running command terraform with args [apply -input=false -auto-approve -no-color -lock=false]
TestTerraformConfluentPlatformExample 2022-07-30T18:16:49Z logger.go:66:
TestTerraformConfluentPlatformExample 2022-07-30T18:16:49Z logger.go:66: Terraform used the selected providers to generate the following execution
TestTerraformConfluentPlatformExample 2022-07-30T18:16:49Z logger.go:66: plan. Resource actions are indicated with the following symbols:
TestTerraformConfluentPlatformExample 2022-07-30T18:16:49Z logger.go:66:   + create
TestTerraformConfluentPlatformExample 2022-07-30T18:16:49Z logger.go:66:
TestTerraformConfluentPlatformExample 2022-07-30T18:16:49Z logger.go:66: Terraform will perform the following actions:
TestTerraformConfluentPlatformExample 2022-07-30T18:16:49Z logger.go:66:
TestTerraformConfluentPlatformExample 2022-07-30T18:16:49Z logger.go:66:   # module.confluent_platform.kubernetes_manifest.component["connect"] will be created
TestTerraformConfluentPlatformExample 2022-07-30T18:16:49Z logger.go:66:   + resource "kubernetes_manifest" "component" {
TestTerraformConfluentPlatformExample 2022-07-30T18:16:49Z logger.go:66:       + computed_fields = [
TestTerraformConfluentPlatformExample 2022-07-30T18:16:49Z logger.go:66:           + "metadata.finalizers",
TestTerraformConfluentPlatformExample 2022-07-30T18:16:49Z logger.go:66:         ]
TestTerraformConfluentPlatformExample 2022-07-30T18:16:49Z logger.go:66:       + manifest        = {
TestTerraformConfluentPlatformExample 2022-07-30T18:16:49Z logger.go:66:           + apiVersion = "platform.confluent.io/v1beta1"
TestTerraformConfluentPlatformExample 2022-07-30T18:16:49Z logger.go:66:           + kind       = "Connect"
TestTerraformConfluentPlatformExample 2022-07-30T18:16:49Z logger.go:66:           + metadata   = {
TestTerraformConfluentPlatformExample 2022-07-30T18:16:49Z logger.go:66:               + name      = "connect"
TestTerraformConfluentPlatformExample 2022-07-30T18:16:49Z logger.go:66:               + namespace = "confluent"
TestTerraformConfluentPlatformExample 2022-07-30T18:16:49Z logger.go:66:             }
TestTerraformConfluentPlatformExample 2022-07-30T18:16:49Z logger.go:66:           + spec       = {
TestTerraformConfluentPlatformExample 2022-07-30T18:16:49Z logger.go:66:               + dependencies = {
TestTerraformConfluentPlatformExample 2022-07-30T18:16:49Z logger.go:66:                   + kafka = {
TestTerraformConfluentPlatformExample 2022-07-30T18:16:49Z logger.go:66:                       + bootstrapEndpoint = "kafka:9071"
TestTerraformConfluentPlatformExample 2022-07-30T18:16:49Z logger.go:66:                     }
TestTerraformConfluentPlatformExample 2022-07-30T18:16:49Z logger.go:66:                 }
TestTerraformConfluentPlatformExample 2022-07-30T18:16:49Z logger.go:66:               + image        = {
TestTerraformConfluentPlatformExample 2022-07-30T18:16:49Z logger.go:66:                   + application = "confluentinc/cp-server-connect:7.2.0"
TestTerraformConfluentPlatformExample 2022-07-30T18:16:49Z logger.go:66:                   + init        = "confluentinc/confluent-init-container:2.4.0"
TestTerraformConfluentPlatformExample 2022-07-30T18:16:49Z logger.go:66:                 }
TestTerraformConfluentPlatformExample 2022-07-30T18:16:49Z logger.go:66:               + replicas     = 1
TestTerraformConfluentPlatformExample 2022-07-30T18:16:49Z logger.go:66:             }
TestTerraformConfluentPlatformExample 2022-07-30T18:16:49Z logger.go:66:         }
TestTerraformConfluentPlatformExample 2022-07-30T18:16:49Z logger.go:66:       + object          = {
TestTerraformConfluentPlatformExample 2022-07-30T18:16:49Z logger.go:66:           + apiVersion = "platform.confluent.io/v1beta1"
TestTerraformConfluentPlatformExample 2022-07-30T18:16:49Z logger.go:66:           + kind       = "Connect"
TestTerraformConfluentPlatformExample 2022-07-30T18:16:49Z logger.go:66:           + metadata   = {
TestTerraformConfluentPlatformExample 2022-07-30T18:16:49Z logger.go:66:               + annotations                = (known after apply)
TestTerraformConfluentPlatformExample 2022-07-30T18:16:49Z logger.go:66:               + clusterName                = (known after apply)
TestTerraformConfluentPlatformExample 2022-07-30T18:16:49Z logger.go:66:               + creationTimestamp          = (known after apply)
TestTerraformConfluentPlatformExample 2022-07-30T18:16:49Z logger.go:66:               + deletionGracePeriodSeconds = (known after apply)
TestTerraformConfluentPlatformExample 2022-07-30T18:16:49Z logger.go:66:               + deletionTimestamp          = (known after apply)
TestTerraformConfluentPlatformExample 2022-07-30T18:16:49Z logger.go:66:               + finalizers                 = (known after apply)
TestTerraformConfluentPlatformExample 2022-07-30T18:16:49Z logger.go:66:               + generateName               = (known after apply)
TestTerraformConfluentPlatformExample 2022-07-30T18:16:49Z logger.go:66:               + generation                 = (known after apply)
TestTerraformConfluentPlatformExample 2022-07-30T18:16:49Z logger.go:66:               + labels                     = (known after apply)
TestTerraformConfluentPlatformExample 2022-07-30T18:16:49Z logger.go:66:               + managedFields              = (known after apply)
TestTerraformConfluentPlatformExample 2022-07-30T18:16:49Z logger.go:66:               + name                       = "connect"
TestTerraformConfluentPlatformExample 2022-07-30T18:16:49Z logger.go:66:               + namespace                  = "confluent"
TestTerraformConfluentPlatformExample 2022-07-30T18:16:49Z logger.go:66:               + ownerReferences            = (known after apply)
TestTerraformConfluentPlatformExample 2022-07-30T18:16:49Z logger.go:66:               + resourceVersion            = (known after apply)
TestTerraformConfluentPlatformExample 2022-07-30T18:16:49Z logger.go:66:               + selfLink                   = (known after apply)
TestTerraformConfluentPlatformExample 2022-07-30T18:16:49Z logger.go:66:               + uid                        = (known after apply)
TestTerraformConfluentPlatformExample 2022-07-30T18:16:49Z logger.go:66:             }
TestTerraformConfluentPlatformExample 2022-07-30T18:16:49Z logger.go:66:           + spec       = {
TestTerraformConfluentPlatformExample 2022-07-30T18:16:49Z logger.go:66:               + authentication                 = {
TestTerraformConfluentPlatformExample 2022-07-30T18:16:49Z logger.go:66:                   + basic = {
TestTerraformConfluentPlatformExample 2022-07-30T18:16:49Z logger.go:66:                       + debug                    = (known after apply)
TestTerraformConfluentPlatformExample 2022-07-30T18:16:49Z logger.go:66:                       + directoryPathInContainer = (known after apply)
TestTerraformConfluentPlatformExample 2022-07-30T18:16:49Z logger.go:66:                       + restrictedRoles          = (known after apply)
TestTerraformConfluentPlatformExample 2022-07-30T18:16:49Z logger.go:66:                       + roles                    = (known after apply)
TestTerraformConfluentPlatformExample 2022-07-30T18:16:49Z logger.go:66:                       + secretRef                = (known after apply)
TestTerraformConfluentPlatformExample 2022-07-30T18:16:49Z logger.go:66:                     }
TestTerraformConfluentPlatformExample 2022-07-30T18:16:49Z logger.go:66:                   + type  = (known after apply)
TestTerraformConfluentPlatformExample 2022-07-30T18:16:49Z logger.go:66:                 }
TestTerraformConfluentPlatformExample 2022-07-30T18:16:49Z logger.go:66:               + authorization                  = {
TestTerraformConfluentPlatformExample 2022-07-30T18:16:49Z logger.go:66:                   + kafkaRestClassRef = {
TestTerraformConfluentPlatformExample 2022-07-30T18:16:49Z logger.go:66:                       + name      = (known after apply)
TestTerraformConfluentPlatformExample 2022-07-30T18:16:49Z logger.go:66:                       + namespace = (known after apply)
TestTerraformConfluentPlatformExample 2022-07-30T18:16:49Z logger.go:66:                     }
TestTerraformConfluentPlatformExample 2022-07-30T18:16:49Z logger.go:66:                   + type              = (known after apply)
TestTerraformConfluentPlatformExample 2022-07-30T18:16:49Z logger.go:66:                 }
TestTerraformConfluentPlatformExample 2022-07-30T18:16:49Z logger.go:66:               + build                          = {
TestTerraformConfluentPlatformExample 2022-07-30T18:16:49Z logger.go:66:                   + onDemand = {
TestTerraformConfluentPlatformExample 2022-07-30T18:16:49Z logger.go:66:                       + plugins      = {
TestTerraformConfluentPlatformExample 2022-07-30T18:16:49Z logger.go:66:                           + confluentHub = (known after apply)
TestTerraformConfluentPlatformExample 2022-07-30T18:16:49Z logger.go:66:                           + locationType = (known after apply)
TestTerraformConfluentPlatformExample 2022-07-30T18:16:49Z logger.go:66:                           + url          = (known after apply)
TestTerraformConfluentPlatformExample 2022-07-30T18:16:49Z logger.go:66:                         }
TestTerraformConfluentPlatformExample 2022-07-30T18:16:49Z logger.go:66:                       + storageLimit = (known after apply)
TestTerraformConfluentPlatformExample 2022-07-30T18:16:49Z logger.go:66:                     }
TestTerraformConfluentPlatformExample 2022-07-30T18:16:49Z logger.go:66:                   + type     = (known after apply)
TestTerraformConfluentPlatformExample 2022-07-30T18:16:49Z logger.go:66:                 }
TestTerraformConfluentPlatformExample 2022-07-30T18:16:49Z logger.go:66:               + configOverrides                = {
TestTerraformConfluentPlatformExample 2022-07-30T18:16:49Z logger.go:66:                   + jvm    = (known after apply)
TestTerraformConfluentPlatformExample 2022-07-30T18:16:49Z logger.go:66:                   + log4j  = (known after apply)
TestTerraformConfluentPlatformExample 2022-07-30T18:16:49Z logger.go:66:                   + server = (known after apply)
TestTerraformConfluentPlatformExample 2022-07-30T18:16:49Z logger.go:66:                 }
TestTerraformConfluentPlatformExample 2022-07-30T18:16:49Z logger.go:66:               + connectorOverridePolicy        = (known after apply)
TestTerraformConfluentPlatformExample 2022-07-30T18:16:49Z logger.go:66:               + connectorTLSCerts              = (known after apply)
TestTerraformConfluentPlatformExample 2022-07-30T18:16:49Z logger.go:66:               + dependencies                   = {
TestTerraformConfluentPlatformExample 2022-07-30T18:16:49Z logger.go:66:                   + admin          = {
TestTerraformConfluentPlatformExample 2022-07-30T18:16:49Z logger.go:66:                       + authentication    = {
TestTerraformConfluentPlatformExample 2022-07-30T18:16:49Z logger.go:66:                           + jaasConfig            = {
TestTerraformConfluentPlatformExample 2022-07-30T18:16:49Z logger.go:66:                               + secretRef = (known after apply)
TestTerraformConfluentPlatformExample 2022-07-30T18:16:49Z logger.go:66:                             }
TestTerraformConfluentPlatformExample 2022-07-30T18:16:49Z logger.go:66:                           + jaasConfigPassThrough = {
TestTerraformConfluentPlatformExample 2022-07-30T18:16:49Z logger.go:66:                               + directoryPathInContainer = (known after apply)
TestTerraformConfluentPlatformExample 2022-07-30T18:16:49Z logger.go:66:                               + secretRef                = (known after apply)
TestTerraformConfluentPlatformExample 2022-07-30T18:16:49Z logger.go:66:                             }
TestTerraformConfluentPlatformExample 2022-07-30T18:16:49Z logger.go:66:                           + oauthbearer           = {
TestTerraformConfluentPlatformExample 2022-07-30T18:16:49Z logger.go:66:                               + directoryPathInContainer = (known after apply)
TestTerraformConfluentPlatformExample 2022-07-30T18:16:49Z logger.go:66:                               + secretRef                = (known after apply)
TestTerraformConfluentPlatformExample 2022-07-30T18:16:49Z logger.go:66:                             }
TestTerraformConfluentPlatformExample 2022-07-30T18:16:49Z logger.go:66:                           + type                  = (known after apply)
TestTerraformConfluentPlatformExample 2022-07-30T18:16:49Z logger.go:66:                         }
TestTerraformConfluentPlatformExample 2022-07-30T18:16:49Z logger.go:66:                       + bootstrapEndpoint = (known after apply)
TestTerraformConfluentPlatformExample 2022-07-30T18:16:49Z logger.go:66:                       + discovery         = {
TestTerraformConfluentPlatformExample 2022-07-30T18:16:49Z logger.go:66:                           + name      = (known after apply)
TestTerraformConfluentPlatformExample 2022-07-30T18:16:49Z logger.go:66:                           + namespace = (known after apply)
TestTerraformConfluentPlatformExample 2022-07-30T18:16:49Z logger.go:66:                           + secretRef = (known after apply)
TestTerraformConfluentPlatformExample 2022-07-30T18:16:49Z logger.go:66:                         }
TestTerraformConfluentPlatformExample 2022-07-30T18:16:49Z logger.go:66:                       + tls               = {
TestTerraformConfluentPlatformExample 2022-07-30T18:16:49Z logger.go:66:                           + directoryPathInContainer = (known after apply)
TestTerraformConfluentPlatformExample 2022-07-30T18:16:49Z logger.go:66:                           + enabled                  = (known after apply)
TestTerraformConfluentPlatformExample 2022-07-30T18:16:49Z logger.go:66:                           + ignoreTrustStoreConfig   = (known after apply)
TestTerraformConfluentPlatformExample 2022-07-30T18:16:49Z logger.go:66:                           + jksPassword              = {
TestTerraformConfluentPlatformExample 2022-07-30T18:16:49Z logger.go:66:                               + secretRef = (known after apply)
TestTerraformConfluentPlatformExample 2022-07-30T18:16:49Z logger.go:66:                             }
TestTerraformConfluentPlatformExample 2022-07-30T18:16:49Z logger.go:66:                           + secretRef                = (known after apply)
TestTerraformConfluentPlatformExample 2022-07-30T18:16:49Z logger.go:66:                         }
TestTerraformConfluentPlatformExample 2022-07-30T18:16:49Z logger.go:66:                     }
TestTerraformConfluentPlatformExample 2022-07-30T18:16:49Z logger.go:66:                   + consumer       = {
TestTerraformConfluentPlatformExample 2022-07-30T18:16:49Z logger.go:66:                       + authentication    = {
TestTerraformConfluentPlatformExample 2022-07-30T18:16:49Z logger.go:66:                           + jaasConfig            = {
TestTerraformConfluentPlatformExample 2022-07-30T18:16:49Z logger.go:66:                               + secretRef = (known after apply)
TestTerraformConfluentPlatformExample 2022-07-30T18:16:49Z logger.go:66:                             }
TestTerraformConfluentPlatformExample 2022-07-30T18:16:49Z logger.go:66:                           + jaasConfigPassThrough = {
TestTerraformConfluentPlatformExample 2022-07-30T18:16:49Z logger.go:66:                               + directoryPathInContainer = (known after apply)
TestTerraformConfluentPlatformExample 2022-07-30T18:16:49Z logger.go:66:                               + secretRef                = (known after apply)
TestTerraformConfluentPlatformExample 2022-07-30T18:16:49Z logger.go:66:                             }
TestTerraformConfluentPlatformExample 2022-07-30T18:16:49Z logger.go:66:                           + oauthbearer           = {
TestTerraformConfluentPlatformExample 2022-07-30T18:16:49Z logger.go:66:                               + directoryPathInContainer = (known after apply)
TestTerraformConfluentPlatformExample 2022-07-30T18:16:49Z logger.go:66:                               + secretRef                = (known after apply)
TestTerraformConfluentPlatformExample 2022-07-30T18:16:49Z logger.go:66:                             }
TestTerraformConfluentPlatformExample 2022-07-30T18:16:49Z logger.go:66:                           + type                  = (known after apply)
TestTerraformConfluentPlatformExample 2022-07-30T18:16:49Z logger.go:66:                         }
TestTerraformConfluentPlatformExample 2022-07-30T18:16:49Z logger.go:66:                       + bootstrapEndpoint = (known after apply)
TestTerraformConfluentPlatformExample 2022-07-30T18:16:49Z logger.go:66:                       + discovery         = {
TestTerraformConfluentPlatformExample 2022-07-30T18:16:49Z logger.go:66:                           + name      = (known after apply)
TestTerraformConfluentPlatformExample 2022-07-30T18:16:49Z logger.go:66:                           + namespace = (known after apply)
TestTerraformConfluentPlatformExample 2022-07-30T18:16:49Z logger.go:66:                           + secretRef = (known after apply)
TestTerraformConfluentPlatformExample 2022-07-30T18:16:49Z logger.go:66:                         }
TestTerraformConfluentPlatformExample 2022-07-30T18:16:49Z logger.go:66:                       + tls               = {
TestTerraformConfluentPlatformExample 2022-07-30T18:16:49Z logger.go:66:                           + directoryPathInContainer = (known after apply)
TestTerraformConfluentPlatformExample 2022-07-30T18:16:49Z logger.go:66:                           + enabled                  = (known after apply)
TestTerraformConfluentPlatformExample 2022-07-30T18:16:49Z logger.go:66:                           + ignoreTrustStoreConfig   = (known after apply)
TestTerraformConfluentPlatformExample 2022-07-30T18:16:49Z logger.go:66:                           + jksPassword              = {
TestTerraformConfluentPlatformExample 2022-07-30T18:16:49Z logger.go:66:                               + secretRef = (known after apply)
TestTerraformConfluentPlatformExample 2022-07-30T18:16:49Z logger.go:66:                             }
TestTerraformConfluentPlatformExample 2022-07-30T18:16:49Z logger.go:66:                           + secretRef                = (known after apply)
TestTerraformConfluentPlatformExample 2022-07-30T18:16:49Z logger.go:66:                         }
TestTerraformConfluentPlatformExample 2022-07-30T18:16:49Z logger.go:66:                     }
TestTerraformConfluentPlatformExample 2022-07-30T18:16:49Z logger.go:66:                   + interceptor    = {
TestTerraformConfluentPlatformExample 2022-07-30T18:16:49Z logger.go:66:                       + configs   = (known after apply)
TestTerraformConfluentPlatformExample 2022-07-30T18:16:49Z logger.go:66:                       + consumer  = {
TestTerraformConfluentPlatformExample 2022-07-30T18:16:49Z logger.go:66:                           + authentication    = {
TestTerraformConfluentPlatformExample 2022-07-30T18:16:49Z logger.go:66:                               + jaasConfig            = {
TestTerraformConfluentPlatformExample 2022-07-30T18:16:49Z logger.go:66:                                   + secretRef = (known after apply)
TestTerraformConfluentPlatformExample 2022-07-30T18:16:49Z logger.go:66:                                 }
TestTerraformConfluentPlatformExample 2022-07-30T18:16:49Z logger.go:66:                               + jaasConfigPassThrough = {
TestTerraformConfluentPlatformExample 2022-07-30T18:16:49Z logger.go:66:                                   + directoryPathInContainer = (known after apply)
TestTerraformConfluentPlatformExample 2022-07-30T18:16:49Z logger.go:66:                                   + secretRef                = (known after apply)
TestTerraformConfluentPlatformExample 2022-07-30T18:16:49Z logger.go:66:                                 }
TestTerraformConfluentPlatformExample 2022-07-30T18:16:49Z logger.go:66:                               + oauthbearer           = {
TestTerraformConfluentPlatformExample 2022-07-30T18:16:49Z logger.go:66:                                   + directoryPathInContainer = (known after apply)
TestTerraformConfluentPlatformExample 2022-07-30T18:16:49Z logger.go:66:                                   + secretRef                = (known after apply)
TestTerraformConfluentPlatformExample 2022-07-30T18:16:49Z logger.go:66:                                 }
TestTerraformConfluentPlatformExample 2022-07-30T18:16:49Z logger.go:66:                               + type                  = (known after apply)
TestTerraformConfluentPlatformExample 2022-07-30T18:16:49Z logger.go:66:                             }
TestTerraformConfluentPlatformExample 2022-07-30T18:16:49Z logger.go:66:                           + bootstrapEndpoint = (known after apply)
TestTerraformConfluentPlatformExample 2022-07-30T18:16:49Z logger.go:66:                           + discovery         = {
TestTerraformConfluentPlatformExample 2022-07-30T18:16:49Z logger.go:66:                               + name      = (known after apply)
TestTerraformConfluentPlatformExample 2022-07-30T18:16:49Z logger.go:66:                               + namespace = (known after apply)
TestTerraformConfluentPlatformExample 2022-07-30T18:16:49Z logger.go:66:                               + secretRef = (known after apply)
TestTerraformConfluentPlatformExample 2022-07-30T18:16:49Z logger.go:66:                             }
TestTerraformConfluentPlatformExample 2022-07-30T18:16:49Z logger.go:66:                           + tls               = {
TestTerraformConfluentPlatformExample 2022-07-30T18:16:49Z logger.go:66:                               + directoryPathInContainer = (known after apply)
TestTerraformConfluentPlatformExample 2022-07-30T18:16:49Z logger.go:66:                               + enabled                  = (known after apply)
TestTerraformConfluentPlatformExample 2022-07-30T18:16:49Z logger.go:66:                               + ignoreTrustStoreConfig   = (known after apply)
TestTerraformConfluentPlatformExample 2022-07-30T18:16:49Z logger.go:66:                               + jksPassword              = {
TestTerraformConfluentPlatformExample 2022-07-30T18:16:49Z logger.go:66:                                   + secretRef = (known after apply)
TestTerraformConfluentPlatformExample 2022-07-30T18:16:49Z logger.go:66:                                 }
TestTerraformConfluentPlatformExample 2022-07-30T18:16:49Z logger.go:66:                               + secretRef                = (known after apply)
TestTerraformConfluentPlatformExample 2022-07-30T18:16:49Z logger.go:66:                             }
TestTerraformConfluentPlatformExample 2022-07-30T18:16:49Z logger.go:66:                         }
TestTerraformConfluentPlatformExample 2022-07-30T18:16:49Z logger.go:66:                       + enabled   = (known after apply)
TestTerraformConfluentPlatformExample 2022-07-30T18:16:49Z logger.go:66:                       + producer  = {
TestTerraformConfluentPlatformExample 2022-07-30T18:16:49Z logger.go:66:                           + authentication    = {
TestTerraformConfluentPlatformExample 2022-07-30T18:16:49Z logger.go:66:                               + jaasConfig            = {
TestTerraformConfluentPlatformExample 2022-07-30T18:16:49Z logger.go:66:                                   + secretRef = (known after apply)
TestTerraformConfluentPlatformExample 2022-07-30T18:16:49Z logger.go:66:                                 }
TestTerraformConfluentPlatformExample 2022-07-30T18:16:49Z logger.go:66:                               + jaasConfigPassThrough = {
TestTerraformConfluentPlatformExample 2022-07-30T18:16:49Z logger.go:66:                                   + directoryPathInContainer = (known after apply)
TestTerraformConfluentPlatformExample 2022-07-30T18:16:49Z logger.go:66:                                   + secretRef                = (known after apply)
TestTerraformConfluentPlatformExample 2022-07-30T18:16:49Z logger.go:66:                                 }
TestTerraformConfluentPlatformExample 2022-07-30T18:16:49Z logger.go:66:                               + oauthbearer           = {
TestTerraformConfluentPlatformExample 2022-07-30T18:16:49Z logger.go:66:                                   + directoryPathInContainer = (known after apply)
TestTerraformConfluentPlatformExample 2022-07-30T18:16:49Z logger.go:66:                                   + secretRef                = (known after apply)
TestTerraformConfluentPlatformExample 2022-07-30T18:16:49Z logger.go:66:                                 }
TestTerraformConfluentPlatformExample 2022-07-30T18:16:49Z logger.go:66:                               + type                  = (known after apply)
TestTerraformConfluentPlatformExample 2022-07-30T18:16:49Z logger.go:66:                             }
TestTerraformConfluentPlatformExample 2022-07-30T18:16:49Z logger.go:66:                           + bootstrapEndpoint = (known after apply)
TestTerraformConfluentPlatformExample 2022-07-30T18:16:49Z logger.go:66:                           + discovery         = {
TestTerraformConfluentPlatformExample 2022-07-30T18:16:49Z logger.go:66:                               + name      = (known after apply)
TestTerraformConfluentPlatformExample 2022-07-30T18:16:49Z logger.go:66:                               + namespace = (known after apply)
TestTerraformConfluentPlatformExample 2022-07-30T18:16:49Z logger.go:66:                               + secretRef = (known after apply)
TestTerraformConfluentPlatformExample 2022-07-30T18:16:49Z logger.go:66:                             }
TestTerraformConfluentPlatformExample 2022-07-30T18:16:49Z logger.go:66:                           + tls               = {
TestTerraformConfluentPlatformExample 2022-07-30T18:16:49Z logger.go:66:                               + directoryPathInContainer = (known after apply)
TestTerraformConfluentPlatformExample 2022-07-30T18:16:49Z logger.go:66:                               + enabled                  = (known after apply)
TestTerraformConfluentPlatformExample 2022-07-30T18:16:49Z logger.go:66:                               + ignoreTrustStoreConfig   = (known after apply)
TestTerraformConfluentPlatformExample 2022-07-30T18:16:49Z logger.go:66:                               + jksPassword              = {
TestTerraformConfluentPlatformExample 2022-07-30T18:16:49Z logger.go:66:                                   + secretRef = (known after apply)
TestTerraformConfluentPlatformExample 2022-07-30T18:16:49Z logger.go:66:                                 }
TestTerraformConfluentPlatformExample 2022-07-30T18:16:49Z logger.go:66:                               + secretRef                = (known after apply)
TestTerraformConfluentPlatformExample 2022-07-30T18:16:49Z logger.go:66:                             }
TestTerraformConfluentPlatformExample 2022-07-30T18:16:49Z logger.go:66:                         }
TestTerraformConfluentPlatformExample 2022-07-30T18:16:49Z logger.go:66:                       + publishMs = (known after apply)
TestTerraformConfluentPlatformExample 2022-07-30T18:16:49Z logger.go:66:                     }
TestTerraformConfluentPlatformExample 2022-07-30T18:16:49Z logger.go:66:                   + kafka          = {
TestTerraformConfluentPlatformExample 2022-07-30T18:16:49Z logger.go:66:                       + authentication    = {
TestTerraformConfluentPlatformExample 2022-07-30T18:16:49Z logger.go:66:                           + jaasConfig            = {
TestTerraformConfluentPlatformExample 2022-07-30T18:16:49Z logger.go:66:                               + secretRef = (known after apply)
TestTerraformConfluentPlatformExample 2022-07-30T18:16:49Z logger.go:66:                             }
TestTerraformConfluentPlatformExample 2022-07-30T18:16:49Z logger.go:66:                           + jaasConfigPassThrough = {
TestTerraformConfluentPlatformExample 2022-07-30T18:16:49Z logger.go:66:                               + directoryPathInContainer = (known after apply)
TestTerraformConfluentPlatformExample 2022-07-30T18:16:49Z logger.go:66:                               + secretRef                = (known after apply)
TestTerraformConfluentPlatformExample 2022-07-30T18:16:49Z logger.go:66:                             }
TestTerraformConfluentPlatformExample 2022-07-30T18:16:49Z logger.go:66:                           + oauthbearer           = {
TestTerraformConfluentPlatformExample 2022-07-30T18:16:49Z logger.go:66:                               + directoryPathInContainer = (known after apply)
TestTerraformConfluentPlatformExample 2022-07-30T18:16:49Z logger.go:66:                               + secretRef                = (known after apply)
TestTerraformConfluentPlatformExample 2022-07-30T18:16:49Z logger.go:66:                             }
TestTerraformConfluentPlatformExample 2022-07-30T18:16:49Z logger.go:66:                           + type                  = (known after apply)
TestTerraformConfluentPlatformExample 2022-07-30T18:16:49Z logger.go:66:                         }
TestTerraformConfluentPlatformExample 2022-07-30T18:16:49Z logger.go:66:                       + bootstrapEndpoint = "kafka:9071"
TestTerraformConfluentPlatformExample 2022-07-30T18:16:49Z logger.go:66:                       + discovery         = {
TestTerraformConfluentPlatformExample 2022-07-30T18:16:49Z logger.go:66:                           + name      = (known after apply)
TestTerraformConfluentPlatformExample 2022-07-30T18:16:49Z logger.go:66:                           + namespace = (known after apply)
TestTerraformConfluentPlatformExample 2022-07-30T18:16:49Z logger.go:66:                           + secretRef = (known after apply)
TestTerraformConfluentPlatformExample 2022-07-30T18:16:49Z logger.go:66:                         }
TestTerraformConfluentPlatformExample 2022-07-30T18:16:49Z logger.go:66:                       + tls               = {
TestTerraformConfluentPlatformExample 2022-07-30T18:16:49Z logger.go:66:                           + directoryPathInContainer = (known after apply)
TestTerraformConfluentPlatformExample 2022-07-30T18:16:49Z logger.go:66:                           + enabled                  = (known after apply)
TestTerraformConfluentPlatformExample 2022-07-30T18:16:49Z logger.go:66:                           + ignoreTrustStoreConfig   = (known after apply)
TestTerraformConfluentPlatformExample 2022-07-30T18:16:49Z logger.go:66:                           + jksPassword              = {
TestTerraformConfluentPlatformExample 2022-07-30T18:16:49Z logger.go:66:                               + secretRef = (known after apply)
TestTerraformConfluentPlatformExample 2022-07-30T18:16:49Z logger.go:66:                             }
TestTerraformConfluentPlatformExample 2022-07-30T18:16:49Z logger.go:66:                           + secretRef                = (known after apply)
TestTerraformConfluentPlatformExample 2022-07-30T18:16:49Z logger.go:66:                         }
TestTerraformConfluentPlatformExample 2022-07-30T18:16:49Z logger.go:66:                     }
TestTerraformConfluentPlatformExample 2022-07-30T18:16:49Z logger.go:66:                   + mds            = {
TestTerraformConfluentPlatformExample 2022-07-30T18:16:49Z logger.go:66:                       + authentication = {
TestTerraformConfluentPlatformExample 2022-07-30T18:16:49Z logger.go:66:                           + bearer = {
TestTerraformConfluentPlatformExample 2022-07-30T18:16:49Z logger.go:66:                               + directoryPathInContainer = (known after apply)
TestTerraformConfluentPlatformExample 2022-07-30T18:16:49Z logger.go:66:                               + secretRef                = (known after apply)
TestTerraformConfluentPlatformExample 2022-07-30T18:16:49Z logger.go:66:                             }
TestTerraformConfluentPlatformExample 2022-07-30T18:16:49Z logger.go:66:                           + type   = (known after apply)
TestTerraformConfluentPlatformExample 2022-07-30T18:16:49Z logger.go:66:                         }
TestTerraformConfluentPlatformExample 2022-07-30T18:16:49Z logger.go:66:                       + endpoint       = (known after apply)
TestTerraformConfluentPlatformExample 2022-07-30T18:16:49Z logger.go:66:                       + tls            = {
TestTerraformConfluentPlatformExample 2022-07-30T18:16:49Z logger.go:66:                           + directoryPathInContainer = (known after apply)
TestTerraformConfluentPlatformExample 2022-07-30T18:16:49Z logger.go:66:                           + enabled                  = (known after apply)
TestTerraformConfluentPlatformExample 2022-07-30T18:16:49Z logger.go:66:                           + ignoreTrustStoreConfig   = (known after apply)
TestTerraformConfluentPlatformExample 2022-07-30T18:16:49Z logger.go:66:                           + jksPassword              = {
TestTerraformConfluentPlatformExample 2022-07-30T18:16:49Z logger.go:66:                               + secretRef = (known after apply)
TestTerraformConfluentPlatformExample 2022-07-30T18:16:49Z logger.go:66:                             }
TestTerraformConfluentPlatformExample 2022-07-30T18:16:49Z logger.go:66:                           + secretRef                = (known after apply)
TestTerraformConfluentPlatformExample 2022-07-30T18:16:49Z logger.go:66:                         }
TestTerraformConfluentPlatformExample 2022-07-30T18:16:49Z logger.go:66:                       + tokenKeyPair   = {
TestTerraformConfluentPlatformExample 2022-07-30T18:16:49Z logger.go:66:                           + directoryPathInContainer = (known after apply)
TestTerraformConfluentPlatformExample 2022-07-30T18:16:49Z logger.go:66:                           + secretRef                = (known after apply)
TestTerraformConfluentPlatformExample 2022-07-30T18:16:49Z logger.go:66:                         }
TestTerraformConfluentPlatformExample 2022-07-30T18:16:49Z logger.go:66:                     }
TestTerraformConfluentPlatformExample 2022-07-30T18:16:49Z logger.go:66:                   + producer       = {
TestTerraformConfluentPlatformExample 2022-07-30T18:16:49Z logger.go:66:                       + authentication    = {
TestTerraformConfluentPlatformExample 2022-07-30T18:16:49Z logger.go:66:                           + jaasConfig            = {
TestTerraformConfluentPlatformExample 2022-07-30T18:16:49Z logger.go:66:                               + secretRef = (known after apply)
TestTerraformConfluentPlatformExample 2022-07-30T18:16:49Z logger.go:66:                             }
TestTerraformConfluentPlatformExample 2022-07-30T18:16:49Z logger.go:66:                           + jaasConfigPassThrough = {
TestTerraformConfluentPlatformExample 2022-07-30T18:16:49Z logger.go:66:                               + directoryPathInContainer = (known after apply)
TestTerraformConfluentPlatformExample 2022-07-30T18:16:49Z logger.go:66:                               + secretRef                = (known after apply)
TestTerraformConfluentPlatformExample 2022-07-30T18:16:49Z logger.go:66:                             }
TestTerraformConfluentPlatformExample 2022-07-30T18:16:49Z logger.go:66:                           + oauthbearer           = {
TestTerraformConfluentPlatformExample 2022-07-30T18:16:49Z logger.go:66:                               + directoryPathInContainer = (known after apply)
TestTerraformConfluentPlatformExample 2022-07-30T18:16:49Z logger.go:66:                               + secretRef                = (known after apply)
TestTerraformConfluentPlatformExample 2022-07-30T18:16:49Z logger.go:66:                             }
TestTerraformConfluentPlatformExample 2022-07-30T18:16:49Z logger.go:66:                           + type                  = (known after apply)
TestTerraformConfluentPlatformExample 2022-07-30T18:16:49Z logger.go:66:                         }
TestTerraformConfluentPlatformExample 2022-07-30T18:16:49Z logger.go:66:                       + bootstrapEndpoint = (known after apply)
TestTerraformConfluentPlatformExample 2022-07-30T18:16:49Z logger.go:66:                       + discovery         = {
TestTerraformConfluentPlatformExample 2022-07-30T18:16:49Z logger.go:66:                           + name      = (known after apply)
TestTerraformConfluentPlatformExample 2022-07-30T18:16:49Z logger.go:66:                           + namespace = (known after apply)
TestTerraformConfluentPlatformExample 2022-07-30T18:16:49Z logger.go:66:                           + secretRef = (known after apply)
TestTerraformConfluentPlatformExample 2022-07-30T18:16:49Z logger.go:66:                         }
TestTerraformConfluentPlatformExample 2022-07-30T18:16:49Z logger.go:66:                       + tls               = {
TestTerraformConfluentPlatformExample 2022-07-30T18:16:49Z logger.go:66:                           + directoryPathInContainer = (known after apply)
TestTerraformConfluentPlatformExample 2022-07-30T18:16:49Z logger.go:66:                           + enabled                  = (known after apply)
TestTerraformConfluentPlatformExample 2022-07-30T18:16:49Z logger.go:66:                           + ignoreTrustStoreConfig   = (known after apply)
TestTerraformConfluentPlatformExample 2022-07-30T18:16:49Z logger.go:66:                           + jksPassword              = {
TestTerraformConfluentPlatformExample 2022-07-30T18:16:49Z logger.go:66:                               + secretRef = (known after apply)
TestTerraformConfluentPlatformExample 2022-07-30T18:16:49Z logger.go:66:                             }
TestTerraformConfluentPlatformExample 2022-07-30T18:16:49Z logger.go:66:                           + secretRef                = (known after apply)
TestTerraformConfluentPlatformExample 2022-07-30T18:16:49Z logger.go:66:                         }
TestTerraformConfluentPlatformExample 2022-07-30T18:16:49Z logger.go:66:                     }
TestTerraformConfluentPlatformExample 2022-07-30T18:16:49Z logger.go:66:                   + schemaRegistry = {
TestTerraformConfluentPlatformExample 2022-07-30T18:16:49Z logger.go:66:                       + authentication = {
TestTerraformConfluentPlatformExample 2022-07-30T18:16:49Z logger.go:66:                           + basic = {
TestTerraformConfluentPlatformExample 2022-07-30T18:16:49Z logger.go:66:                               + debug                    = (known after apply)
TestTerraformConfluentPlatformExample 2022-07-30T18:16:49Z logger.go:66:                               + directoryPathInContainer = (known after apply)
TestTerraformConfluentPlatformExample 2022-07-30T18:16:49Z logger.go:66:                               + restrictedRoles          = (known after apply)
TestTerraformConfluentPlatformExample 2022-07-30T18:16:49Z logger.go:66:                               + roles                    = (known after apply)
TestTerraformConfluentPlatformExample 2022-07-30T18:16:49Z logger.go:66:                               + secretRef                = (known after apply)
TestTerraformConfluentPlatformExample 2022-07-30T18:16:49Z logger.go:66:                             }
TestTerraformConfluentPlatformExample 2022-07-30T18:16:49Z logger.go:66:                           + type  = (known after apply)
TestTerraformConfluentPlatformExample 2022-07-30T18:16:49Z logger.go:66:                         }
TestTerraformConfluentPlatformExample 2022-07-30T18:16:49Z logger.go:66:                       + tls            = {
TestTerraformConfluentPlatformExample 2022-07-30T18:16:49Z logger.go:66:                           + directoryPathInContainer = (known after apply)
TestTerraformConfluentPlatformExample 2022-07-30T18:16:49Z logger.go:66:                           + enabled                  = (known after apply)
TestTerraformConfluentPlatformExample 2022-07-30T18:16:49Z logger.go:66:                           + ignoreTrustStoreConfig   = (known after apply)
TestTerraformConfluentPlatformExample 2022-07-30T18:16:49Z logger.go:66:                           + jksPassword              = {
TestTerraformConfluentPlatformExample 2022-07-30T18:16:49Z logger.go:66:                               + secretRef = (known after apply)
TestTerraformConfluentPlatformExample 2022-07-30T18:16:49Z logger.go:66:                             }
TestTerraformConfluentPlatformExample 2022-07-30T18:16:49Z logger.go:66:                           + secretRef                = (known after apply)
TestTerraformConfluentPlatformExample 2022-07-30T18:16:49Z logger.go:66:                         }
TestTerraformConfluentPlatformExample 2022-07-30T18:16:49Z logger.go:66:                       + url            = (known after apply)
TestTerraformConfluentPlatformExample 2022-07-30T18:16:49Z logger.go:66:                     }
TestTerraformConfluentPlatformExample 2022-07-30T18:16:49Z logger.go:66:                 }
TestTerraformConfluentPlatformExample 2022-07-30T18:16:49Z logger.go:66:               + enableSchemas                  = (known after apply)
TestTerraformConfluentPlatformExample 2022-07-30T18:16:49Z logger.go:66:               + externalAccess                 = {
TestTerraformConfluentPlatformExample 2022-07-30T18:16:49Z logger.go:66:                   + loadBalancer = {
TestTerraformConfluentPlatformExample 2022-07-30T18:16:49Z logger.go:66:                       + advertisedURL            = {
TestTerraformConfluentPlatformExample 2022-07-30T18:16:49Z logger.go:66:                           + enabled = (known after apply)
TestTerraformConfluentPlatformExample 2022-07-30T18:16:49Z logger.go:66:                           + prefix  = (known after apply)
TestTerraformConfluentPlatformExample 2022-07-30T18:16:49Z logger.go:66:                         }
TestTerraformConfluentPlatformExample 2022-07-30T18:16:49Z logger.go:66:                       + annotations              = (known after apply)
TestTerraformConfluentPlatformExample 2022-07-30T18:16:49Z logger.go:66:                       + domain                   = (known after apply)
TestTerraformConfluentPlatformExample 2022-07-30T18:16:49Z logger.go:66:                       + externalTrafficPolicy    = (known after apply)
TestTerraformConfluentPlatformExample 2022-07-30T18:16:49Z logger.go:66:                       + labels                   = (known after apply)
TestTerraformConfluentPlatformExample 2022-07-30T18:16:49Z logger.go:66:                       + loadBalancerSourceRanges = (known after apply)
TestTerraformConfluentPlatformExample 2022-07-30T18:16:49Z logger.go:66:                       + port                     = (known after apply)
TestTerraformConfluentPlatformExample 2022-07-30T18:16:49Z logger.go:66:                       + prefix                   = (known after apply)
TestTerraformConfluentPlatformExample 2022-07-30T18:16:49Z logger.go:66:                       + servicePorts             = (known after apply)
TestTerraformConfluentPlatformExample 2022-07-30T18:16:49Z logger.go:66:                       + sessionAffinity          = (known after apply)
TestTerraformConfluentPlatformExample 2022-07-30T18:16:49Z logger.go:66:                       + sessionAffinityConfig    = {
TestTerraformConfluentPlatformExample 2022-07-30T18:16:49Z logger.go:66:                           + clientIP = {
TestTerraformConfluentPlatformExample 2022-07-30T18:16:49Z logger.go:66:                               + timeoutSeconds = (known after apply)
TestTerraformConfluentPlatformExample 2022-07-30T18:16:49Z logger.go:66:                             }
TestTerraformConfluentPlatformExample 2022-07-30T18:16:49Z logger.go:66:                         }
TestTerraformConfluentPlatformExample 2022-07-30T18:16:49Z logger.go:66:                     }
TestTerraformConfluentPlatformExample 2022-07-30T18:16:49Z logger.go:66:                   + nodePort     = {
TestTerraformConfluentPlatformExample 2022-07-30T18:16:49Z logger.go:66:                       + advertisedURL         = {
TestTerraformConfluentPlatformExample 2022-07-30T18:16:49Z logger.go:66:                           + enabled = (known after apply)
TestTerraformConfluentPlatformExample 2022-07-30T18:16:49Z logger.go:66:                           + prefix  = (known after apply)
TestTerraformConfluentPlatformExample 2022-07-30T18:16:49Z logger.go:66:                         }
TestTerraformConfluentPlatformExample 2022-07-30T18:16:49Z logger.go:66:                       + annotations           = (known after apply)
TestTerraformConfluentPlatformExample 2022-07-30T18:16:49Z logger.go:66:                       + externalTrafficPolicy = (known after apply)
TestTerraformConfluentPlatformExample 2022-07-30T18:16:49Z logger.go:66:                       + host                  = (known after apply)
TestTerraformConfluentPlatformExample 2022-07-30T18:16:49Z logger.go:66:                       + labels                = (known after apply)
TestTerraformConfluentPlatformExample 2022-07-30T18:16:49Z logger.go:66:                       + nodePortOffset        = (known after apply)
TestTerraformConfluentPlatformExample 2022-07-30T18:16:49Z logger.go:66:                       + servicePorts          = (known after apply)
TestTerraformConfluentPlatformExample 2022-07-30T18:16:49Z logger.go:66:                       + sessionAffinity       = (known after apply)
TestTerraformConfluentPlatformExample 2022-07-30T18:16:49Z logger.go:66:                       + sessionAffinityConfig = {
TestTerraformConfluentPlatformExample 2022-07-30T18:16:49Z logger.go:66:                           + clientIP = {
TestTerraformConfluentPlatformExample 2022-07-30T18:16:49Z logger.go:66:                               + timeoutSeconds = (known after apply)
TestTerraformConfluentPlatformExample 2022-07-30T18:16:49Z logger.go:66:                             }
TestTerraformConfluentPlatformExample 2022-07-30T18:16:49Z logger.go:66:                         }
TestTerraformConfluentPlatformExample 2022-07-30T18:16:49Z logger.go:66:                     }
TestTerraformConfluentPlatformExample 2022-07-30T18:16:49Z logger.go:66:                   + route        = {
TestTerraformConfluentPlatformExample 2022-07-30T18:16:49Z logger.go:66:                       + annotations    = (known after apply)
TestTerraformConfluentPlatformExample 2022-07-30T18:16:49Z logger.go:66:                       + domain         = (known after apply)
TestTerraformConfluentPlatformExample 2022-07-30T18:16:49Z logger.go:66:                       + labels         = (known after apply)
TestTerraformConfluentPlatformExample 2022-07-30T18:16:49Z logger.go:66:                       + prefix         = (known after apply)
TestTerraformConfluentPlatformExample 2022-07-30T18:16:49Z logger.go:66:                       + wildcardPolicy = (known after apply)
TestTerraformConfluentPlatformExample 2022-07-30T18:16:49Z logger.go:66:                     }
TestTerraformConfluentPlatformExample 2022-07-30T18:16:49Z logger.go:66:                   + type         = (known after apply)
TestTerraformConfluentPlatformExample 2022-07-30T18:16:49Z logger.go:66:                 }
TestTerraformConfluentPlatformExample 2022-07-30T18:16:49Z logger.go:66:               + headlessService                = {
TestTerraformConfluentPlatformExample 2022-07-30T18:16:49Z logger.go:66:                   + annotations              = (known after apply)
TestTerraformConfluentPlatformExample 2022-07-30T18:16:49Z logger.go:66:                   + labels                   = (known after apply)
TestTerraformConfluentPlatformExample 2022-07-30T18:16:49Z logger.go:66:                   + publishNotReadyAddresses = (known after apply)
TestTerraformConfluentPlatformExample 2022-07-30T18:16:49Z logger.go:66:                 }
TestTerraformConfluentPlatformExample 2022-07-30T18:16:49Z logger.go:66:               + image                          = {
TestTerraformConfluentPlatformExample 2022-07-30T18:16:49Z logger.go:66:                   + application   = "confluentinc/cp-server-connect:7.2.0"
TestTerraformConfluentPlatformExample 2022-07-30T18:16:49Z logger.go:66:                   + init          = "confluentinc/confluent-init-container:2.4.0"
TestTerraformConfluentPlatformExample 2022-07-30T18:16:49Z logger.go:66:                   + pullPolicy    = (known after apply)
TestTerraformConfluentPlatformExample 2022-07-30T18:16:49Z logger.go:66:                   + pullSecretRef = (known after apply)
TestTerraformConfluentPlatformExample 2022-07-30T18:16:49Z logger.go:66:                 }
TestTerraformConfluentPlatformExample 2022-07-30T18:16:49Z logger.go:66:               + injectAnnotations              = (known after apply)
TestTerraformConfluentPlatformExample 2022-07-30T18:16:49Z logger.go:66:               + injectLabels                   = (known after apply)
TestTerraformConfluentPlatformExample 2022-07-30T18:16:49Z logger.go:66:               + internalTopicReplicationFactor = (known after apply)
TestTerraformConfluentPlatformExample 2022-07-30T18:16:49Z logger.go:66:               + k8sClusterDomain               = (known after apply)
TestTerraformConfluentPlatformExample 2022-07-30T18:16:49Z logger.go:66:               + keyConverterType               = (known after apply)
TestTerraformConfluentPlatformExample 2022-07-30T18:16:49Z logger.go:66:               + license                        = {
TestTerraformConfluentPlatformExample 2022-07-30T18:16:49Z logger.go:66:                   + directoryPathInContainer = (known after apply)
TestTerraformConfluentPlatformExample 2022-07-30T18:16:49Z logger.go:66:                   + globalLicense            = (known after apply)
TestTerraformConfluentPlatformExample 2022-07-30T18:16:49Z logger.go:66:                   + secretRef                = (known after apply)
TestTerraformConfluentPlatformExample 2022-07-30T18:16:49Z logger.go:66:                 }
TestTerraformConfluentPlatformExample 2022-07-30T18:16:49Z logger.go:66:               + metrics                        = {
TestTerraformConfluentPlatformExample 2022-07-30T18:16:49Z logger.go:66:                   + authentication = {
TestTerraformConfluentPlatformExample 2022-07-30T18:16:49Z logger.go:66:                       + type = (known after apply)
TestTerraformConfluentPlatformExample 2022-07-30T18:16:49Z logger.go:66:                     }
TestTerraformConfluentPlatformExample 2022-07-30T18:16:49Z logger.go:66:                   + prometheus     = {
TestTerraformConfluentPlatformExample 2022-07-30T18:16:49Z logger.go:66:                       + blacklist = (known after apply)
TestTerraformConfluentPlatformExample 2022-07-30T18:16:49Z logger.go:66:                       + rules     = (known after apply)
TestTerraformConfluentPlatformExample 2022-07-30T18:16:49Z logger.go:66:                       + whitelist = (known after apply)
TestTerraformConfluentPlatformExample 2022-07-30T18:16:49Z logger.go:66:                     }
TestTerraformConfluentPlatformExample 2022-07-30T18:16:49Z logger.go:66:                   + tls            = {
TestTerraformConfluentPlatformExample 2022-07-30T18:16:49Z logger.go:66:                       + directoryPathInContainer = (known after apply)
TestTerraformConfluentPlatformExample 2022-07-30T18:16:49Z logger.go:66:                       + enabled                  = (known after apply)
TestTerraformConfluentPlatformExample 2022-07-30T18:16:49Z logger.go:66:                       + ignoreTrustStoreConfig   = (known after apply)
TestTerraformConfluentPlatformExample 2022-07-30T18:16:49Z logger.go:66:                       + jksPassword              = {
TestTerraformConfluentPlatformExample 2022-07-30T18:16:49Z logger.go:66:                           + secretRef = (known after apply)
TestTerraformConfluentPlatformExample 2022-07-30T18:16:49Z logger.go:66:                         }
TestTerraformConfluentPlatformExample 2022-07-30T18:16:49Z logger.go:66:                       + secretRef                = (known after apply)
TestTerraformConfluentPlatformExample 2022-07-30T18:16:49Z logger.go:66:                     }
TestTerraformConfluentPlatformExample 2022-07-30T18:16:49Z logger.go:66:                 }
TestTerraformConfluentPlatformExample 2022-07-30T18:16:49Z logger.go:66:               + mountedSecrets                 = (known after apply)
TestTerraformConfluentPlatformExample 2022-07-30T18:16:49Z logger.go:66:               + mountedVolumes                 = {
TestTerraformConfluentPlatformExample 2022-07-30T18:16:49Z logger.go:66:                   + volumeMounts = (known after apply)
TestTerraformConfluentPlatformExample 2022-07-30T18:16:49Z logger.go:66:                   + volumes      = (known after apply)
TestTerraformConfluentPlatformExample 2022-07-30T18:16:49Z logger.go:66:                 }
TestTerraformConfluentPlatformExample 2022-07-30T18:16:49Z logger.go:66:               + oneReplicaPerNode              = (known after apply)
TestTerraformConfluentPlatformExample 2022-07-30T18:16:49Z logger.go:66:               + podTemplate                    = {
TestTerraformConfluentPlatformExample 2022-07-30T18:16:49Z logger.go:66:                   + affinity                      = {
TestTerraformConfluentPlatformExample 2022-07-30T18:16:49Z logger.go:66:                       + nodeAffinity    = {
TestTerraformConfluentPlatformExample 2022-07-30T18:16:49Z logger.go:66:                           + preferredDuringSchedulingIgnoredDuringExecution = (known after apply)
TestTerraformConfluentPlatformExample 2022-07-30T18:16:49Z logger.go:66:                           + requiredDuringSchedulingIgnoredDuringExecution  = {
TestTerraformConfluentPlatformExample 2022-07-30T18:16:49Z logger.go:66:                               + nodeSelectorTerms = (known after apply)
TestTerraformConfluentPlatformExample 2022-07-30T18:16:49Z logger.go:66:                             }
TestTerraformConfluentPlatformExample 2022-07-30T18:16:49Z logger.go:66:                         }
TestTerraformConfluentPlatformExample 2022-07-30T18:16:49Z logger.go:66:                       + podAffinity     = {
TestTerraformConfluentPlatformExample 2022-07-30T18:16:49Z logger.go:66:                           + preferredDuringSchedulingIgnoredDuringExecution = (known after apply)
TestTerraformConfluentPlatformExample 2022-07-30T18:16:49Z logger.go:66:                           + requiredDuringSchedulingIgnoredDuringExecution  = (known after apply)
TestTerraformConfluentPlatformExample 2022-07-30T18:16:49Z logger.go:66:                         }
TestTerraformConfluentPlatformExample 2022-07-30T18:16:49Z logger.go:66:                       + podAntiAffinity = {
TestTerraformConfluentPlatformExample 2022-07-30T18:16:49Z logger.go:66:                           + preferredDuringSchedulingIgnoredDuringExecution = (known after apply)
TestTerraformConfluentPlatformExample 2022-07-30T18:16:49Z logger.go:66:                           + requiredDuringSchedulingIgnoredDuringExecution  = (known after apply)
TestTerraformConfluentPlatformExample 2022-07-30T18:16:49Z logger.go:66:                         }
TestTerraformConfluentPlatformExample 2022-07-30T18:16:49Z logger.go:66:                     }
TestTerraformConfluentPlatformExample 2022-07-30T18:16:49Z logger.go:66:                   + annotations                   = (known after apply)
TestTerraformConfluentPlatformExample 2022-07-30T18:16:49Z logger.go:66:                   + envVars                       = (known after apply)
TestTerraformConfluentPlatformExample 2022-07-30T18:16:49Z logger.go:66:                   + labels                        = (known after apply)
TestTerraformConfluentPlatformExample 2022-07-30T18:16:49Z logger.go:66:                   + podSecurityContext            = {
TestTerraformConfluentPlatformExample 2022-07-30T18:16:49Z logger.go:66:                       + fsGroup             = (known after apply)
TestTerraformConfluentPlatformExample 2022-07-30T18:16:49Z logger.go:66:                       + fsGroupChangePolicy = (known after apply)
TestTerraformConfluentPlatformExample 2022-07-30T18:16:49Z logger.go:66:                       + runAsGroup          = (known after apply)
TestTerraformConfluentPlatformExample 2022-07-30T18:16:49Z logger.go:66:                       + runAsNonRoot        = (known after apply)
TestTerraformConfluentPlatformExample 2022-07-30T18:16:49Z logger.go:66:                       + runAsUser           = (known after apply)
TestTerraformConfluentPlatformExample 2022-07-30T18:16:49Z logger.go:66:                       + seLinuxOptions      = {
TestTerraformConfluentPlatformExample 2022-07-30T18:16:49Z logger.go:66:                           + level = (known after apply)
TestTerraformConfluentPlatformExample 2022-07-30T18:16:49Z logger.go:66:                           + role  = (known after apply)
TestTerraformConfluentPlatformExample 2022-07-30T18:16:49Z logger.go:66:                           + type  = (known after apply)
TestTerraformConfluentPlatformExample 2022-07-30T18:16:49Z logger.go:66:                           + user  = (known after apply)
TestTerraformConfluentPlatformExample 2022-07-30T18:16:49Z logger.go:66:                         }
TestTerraformConfluentPlatformExample 2022-07-30T18:16:49Z logger.go:66:                       + seccompProfile      = {
TestTerraformConfluentPlatformExample 2022-07-30T18:16:49Z logger.go:66:                           + localhostProfile = (known after apply)
TestTerraformConfluentPlatformExample 2022-07-30T18:16:49Z logger.go:66:                           + type             = (known after apply)
TestTerraformConfluentPlatformExample 2022-07-30T18:16:49Z logger.go:66:                         }
TestTerraformConfluentPlatformExample 2022-07-30T18:16:49Z logger.go:66:                       + supplementalGroups  = (known after apply)
TestTerraformConfluentPlatformExample 2022-07-30T18:16:49Z logger.go:66:                       + sysctls             = (known after apply)
TestTerraformConfluentPlatformExample 2022-07-30T18:16:49Z logger.go:66:                       + windowsOptions      = {
TestTerraformConfluentPlatformExample 2022-07-30T18:16:49Z logger.go:66:                           + gmsaCredentialSpec     = (known after apply)
TestTerraformConfluentPlatformExample 2022-07-30T18:16:49Z logger.go:66:                           + gmsaCredentialSpecName = (known after apply)
TestTerraformConfluentPlatformExample 2022-07-30T18:16:49Z logger.go:66:                           + hostProcess            = (known after apply)
TestTerraformConfluentPlatformExample 2022-07-30T18:16:49Z logger.go:66:                           + runAsUserName          = (known after apply)
TestTerraformConfluentPlatformExample 2022-07-30T18:16:49Z logger.go:66:                         }
TestTerraformConfluentPlatformExample 2022-07-30T18:16:49Z logger.go:66:                     }
TestTerraformConfluentPlatformExample 2022-07-30T18:16:49Z logger.go:66:                   + priorityClassName             = (known after apply)
TestTerraformConfluentPlatformExample 2022-07-30T18:16:49Z logger.go:66:                   + probe                         = {
TestTerraformConfluentPlatformExample 2022-07-30T18:16:49Z logger.go:66:                       + liveness  = {
TestTerraformConfluentPlatformExample 2022-07-30T18:16:49Z logger.go:66:                           + failureThreshold    = (known after apply)
TestTerraformConfluentPlatformExample 2022-07-30T18:16:49Z logger.go:66:                           + initialDelaySeconds = (known after apply)
TestTerraformConfluentPlatformExample 2022-07-30T18:16:49Z logger.go:66:                           + periodSeconds       = (known after apply)
TestTerraformConfluentPlatformExample 2022-07-30T18:16:49Z logger.go:66:                           + successThreshold    = (known after apply)
TestTerraformConfluentPlatformExample 2022-07-30T18:16:49Z logger.go:66:                           + timeoutSeconds      = (known after apply)
TestTerraformConfluentPlatformExample 2022-07-30T18:16:49Z logger.go:66:                         }
TestTerraformConfluentPlatformExample 2022-07-30T18:16:49Z logger.go:66:                       + readiness = {
TestTerraformConfluentPlatformExample 2022-07-30T18:16:49Z logger.go:66:                           + failureThreshold    = (known after apply)
TestTerraformConfluentPlatformExample 2022-07-30T18:16:49Z logger.go:66:                           + initialDelaySeconds = (known after apply)
TestTerraformConfluentPlatformExample 2022-07-30T18:16:49Z logger.go:66:                           + periodSeconds       = (known after apply)
TestTerraformConfluentPlatformExample 2022-07-30T18:16:49Z logger.go:66:                           + successThreshold    = (known after apply)
TestTerraformConfluentPlatformExample 2022-07-30T18:16:49Z logger.go:66:                           + timeoutSeconds      = (known after apply)
TestTerraformConfluentPlatformExample 2022-07-30T18:16:49Z logger.go:66:                         }
TestTerraformConfluentPlatformExample 2022-07-30T18:16:49Z logger.go:66:                     }
TestTerraformConfluentPlatformExample 2022-07-30T18:16:49Z logger.go:66:                   + resources                     = {
TestTerraformConfluentPlatformExample 2022-07-30T18:16:49Z logger.go:66:                       + limits   = (known after apply)
TestTerraformConfluentPlatformExample 2022-07-30T18:16:49Z logger.go:66:                       + requests = (known after apply)
TestTerraformConfluentPlatformExample 2022-07-30T18:16:49Z logger.go:66:                     }
TestTerraformConfluentPlatformExample 2022-07-30T18:16:49Z logger.go:66:                   + securityContext               = {
TestTerraformConfluentPlatformExample 2022-07-30T18:16:49Z logger.go:66:                       + allowPrivilegeEscalation = (known after apply)
TestTerraformConfluentPlatformExample 2022-07-30T18:16:49Z logger.go:66:                       + capabilities             = {
TestTerraformConfluentPlatformExample 2022-07-30T18:16:49Z logger.go:66:                           + add  = (known after apply)
TestTerraformConfluentPlatformExample 2022-07-30T18:16:49Z logger.go:66:                           + drop = (known after apply)
TestTerraformConfluentPlatformExample 2022-07-30T18:16:49Z logger.go:66:                         }
TestTerraformConfluentPlatformExample 2022-07-30T18:16:49Z logger.go:66:                       + privileged               = (known after apply)
TestTerraformConfluentPlatformExample 2022-07-30T18:16:49Z logger.go:66:                       + procMount                = (known after apply)
TestTerraformConfluentPlatformExample 2022-07-30T18:16:49Z logger.go:66:                       + readOnlyRootFilesystem   = (known after apply)
TestTerraformConfluentPlatformExample 2022-07-30T18:16:49Z logger.go:66:                       + runAsGroup               = (known after apply)
TestTerraformConfluentPlatformExample 2022-07-30T18:16:49Z logger.go:66:                       + runAsNonRoot             = (known after apply)
TestTerraformConfluentPlatformExample 2022-07-30T18:16:49Z logger.go:66:                       + runAsUser                = (known after apply)
TestTerraformConfluentPlatformExample 2022-07-30T18:16:49Z logger.go:66:                       + seLinuxOptions           = {
TestTerraformConfluentPlatformExample 2022-07-30T18:16:49Z logger.go:66:                           + level = (known after apply)
TestTerraformConfluentPlatformExample 2022-07-30T18:16:49Z logger.go:66:                           + role  = (known after apply)
TestTerraformConfluentPlatformExample 2022-07-30T18:16:49Z logger.go:66:                           + type  = (known after apply)
TestTerraformConfluentPlatformExample 2022-07-30T18:16:49Z logger.go:66:                           + user  = (known after apply)
TestTerraformConfluentPlatformExample 2022-07-30T18:16:49Z logger.go:66:                         }
TestTerraformConfluentPlatformExample 2022-07-30T18:16:49Z logger.go:66:                       + seccompProfile           = {
TestTerraformConfluentPlatformExample 2022-07-30T18:16:49Z logger.go:66:                           + localhostProfile = (known after apply)
TestTerraformConfluentPlatformExample 2022-07-30T18:16:49Z logger.go:66:                           + type             = (known after apply)
TestTerraformConfluentPlatformExample 2022-07-30T18:16:49Z logger.go:66:                         }
TestTerraformConfluentPlatformExample 2022-07-30T18:16:49Z logger.go:66:                       + windowsOptions           = {
TestTerraformConfluentPlatformExample 2022-07-30T18:16:49Z logger.go:66:                           + gmsaCredentialSpec     = (known after apply)
TestTerraformConfluentPlatformExample 2022-07-30T18:16:49Z logger.go:66:                           + gmsaCredentialSpecName = (known after apply)
TestTerraformConfluentPlatformExample 2022-07-30T18:16:49Z logger.go:66:                           + hostProcess            = (known after apply)
TestTerraformConfluentPlatformExample 2022-07-30T18:16:49Z logger.go:66:                           + runAsUserName          = (known after apply)
TestTerraformConfluentPlatformExample 2022-07-30T18:16:49Z logger.go:66:                         }
TestTerraformConfluentPlatformExample 2022-07-30T18:16:49Z logger.go:66:                     }
TestTerraformConfluentPlatformExample 2022-07-30T18:16:49Z logger.go:66:                   + serviceAccountName            = (known after apply)
TestTerraformConfluentPlatformExample 2022-07-30T18:16:49Z logger.go:66:                   + terminationGracePeriodSeconds = (known after apply)
TestTerraformConfluentPlatformExample 2022-07-30T18:16:49Z logger.go:66:                   + tolerations                   = (known after apply)
TestTerraformConfluentPlatformExample 2022-07-30T18:16:49Z logger.go:66:                   + topologySpreadConstraints     = (known after apply)
TestTerraformConfluentPlatformExample 2022-07-30T18:16:49Z logger.go:66:                 }
TestTerraformConfluentPlatformExample 2022-07-30T18:16:49Z logger.go:66:               + replicas                       = 1
TestTerraformConfluentPlatformExample 2022-07-30T18:16:49Z logger.go:66:               + telemetry                      = {
TestTerraformConfluentPlatformExample 2022-07-30T18:16:49Z logger.go:66:                   + global = (known after apply)
TestTerraformConfluentPlatformExample 2022-07-30T18:16:49Z logger.go:66:                 }
TestTerraformConfluentPlatformExample 2022-07-30T18:16:49Z logger.go:66:               + tls                            = {
TestTerraformConfluentPlatformExample 2022-07-30T18:16:49Z logger.go:66:                   + autoGeneratedCerts       = (known after apply)
TestTerraformConfluentPlatformExample 2022-07-30T18:16:49Z logger.go:66:                   + directoryPathInContainer = (known after apply)
TestTerraformConfluentPlatformExample 2022-07-30T18:16:49Z logger.go:66:                   + ignoreTrustStoreConfig   = (known after apply)
TestTerraformConfluentPlatformExample 2022-07-30T18:16:49Z logger.go:66:                   + jksPassword              = {
TestTerraformConfluentPlatformExample 2022-07-30T18:16:49Z logger.go:66:                       + secretRef = (known after apply)
TestTerraformConfluentPlatformExample 2022-07-30T18:16:49Z logger.go:66:                     }
TestTerraformConfluentPlatformExample 2022-07-30T18:16:49Z logger.go:66:                   + secretRef                = (known after apply)
TestTerraformConfluentPlatformExample 2022-07-30T18:16:49Z logger.go:66:                 }
TestTerraformConfluentPlatformExample 2022-07-30T18:16:49Z logger.go:66:               + valueConverterType             = (known after apply)
TestTerraformConfluentPlatformExample 2022-07-30T18:16:49Z logger.go:66:             }
TestTerraformConfluentPlatformExample 2022-07-30T18:16:49Z logger.go:66:         }
TestTerraformConfluentPlatformExample 2022-07-30T18:16:49Z logger.go:66:
TestTerraformConfluentPlatformExample 2022-07-30T18:16:49Z logger.go:66:       + timeouts {
TestTerraformConfluentPlatformExample 2022-07-30T18:16:49Z logger.go:66:           + create = "1h"
TestTerraformConfluentPlatformExample 2022-07-30T18:16:49Z logger.go:66:           + delete = "10m"
TestTerraformConfluentPlatformExample 2022-07-30T18:16:49Z logger.go:66:           + update = "1h"
TestTerraformConfluentPlatformExample 2022-07-30T18:16:49Z logger.go:66:         }
TestTerraformConfluentPlatformExample 2022-07-30T18:16:49Z logger.go:66:
TestTerraformConfluentPlatformExample 2022-07-30T18:16:49Z logger.go:66:       + wait {
TestTerraformConfluentPlatformExample 2022-07-30T18:16:49Z logger.go:66:           + fields = {
TestTerraformConfluentPlatformExample 2022-07-30T18:16:49Z logger.go:66:               + "status.phase" = "RUNNING"
TestTerraformConfluentPlatformExample 2022-07-30T18:16:49Z logger.go:66:             }
TestTerraformConfluentPlatformExample 2022-07-30T18:16:49Z logger.go:66:         }
TestTerraformConfluentPlatformExample 2022-07-30T18:16:49Z logger.go:66:     }
TestTerraformConfluentPlatformExample 2022-07-30T18:16:49Z logger.go:66:
TestTerraformConfluentPlatformExample 2022-07-30T18:16:49Z logger.go:66:   # module.confluent_platform.kubernetes_manifest.component["controlcenter"] will be created
TestTerraformConfluentPlatformExample 2022-07-30T18:16:49Z logger.go:66:   + resource "kubernetes_manifest" "component" {
TestTerraformConfluentPlatformExample 2022-07-30T18:16:49Z logger.go:66:       + computed_fields = [
TestTerraformConfluentPlatformExample 2022-07-30T18:16:49Z logger.go:66:           + "metadata.finalizers",
TestTerraformConfluentPlatformExample 2022-07-30T18:16:49Z logger.go:66:         ]
TestTerraformConfluentPlatformExample 2022-07-30T18:16:49Z logger.go:66:       + manifest        = {
TestTerraformConfluentPlatformExample 2022-07-30T18:16:49Z logger.go:66:           + apiVersion = "platform.confluent.io/v1beta1"
TestTerraformConfluentPlatformExample 2022-07-30T18:16:49Z logger.go:66:           + kind       = "ControlCenter"
TestTerraformConfluentPlatformExample 2022-07-30T18:16:49Z logger.go:66:           + metadata   = {
TestTerraformConfluentPlatformExample 2022-07-30T18:16:49Z logger.go:66:               + name      = "controlcenter"
TestTerraformConfluentPlatformExample 2022-07-30T18:16:49Z logger.go:66:               + namespace = "confluent"
TestTerraformConfluentPlatformExample 2022-07-30T18:16:49Z logger.go:66:             }
TestTerraformConfluentPlatformExample 2022-07-30T18:16:49Z logger.go:66:           + spec       = {
TestTerraformConfluentPlatformExample 2022-07-30T18:16:49Z logger.go:66:               + dataVolumeCapacity = "10Gi"
TestTerraformConfluentPlatformExample 2022-07-30T18:16:49Z logger.go:66:               + dependencies       = {
TestTerraformConfluentPlatformExample 2022-07-30T18:16:49Z logger.go:66:                   + connect        = [
TestTerraformConfluentPlatformExample 2022-07-30T18:16:49Z logger.go:66:                       + {
TestTerraformConfluentPlatformExample 2022-07-30T18:16:49Z logger.go:66:                           + name = "connect"
TestTerraformConfluentPlatformExample 2022-07-30T18:16:49Z logger.go:66:                           + url  = "http://connect.confluent.svc.cluster.local:8083"
TestTerraformConfluentPlatformExample 2022-07-30T18:16:49Z logger.go:66:                         },
TestTerraformConfluentPlatformExample 2022-07-30T18:16:49Z logger.go:66:                     ]
TestTerraformConfluentPlatformExample 2022-07-30T18:16:49Z logger.go:66:                   + ksqldb         = [
TestTerraformConfluentPlatformExample 2022-07-30T18:16:49Z logger.go:66:                       + {
TestTerraformConfluentPlatformExample 2022-07-30T18:16:49Z logger.go:66:                           + name = "ksqldb"
TestTerraformConfluentPlatformExample 2022-07-30T18:16:49Z logger.go:66:                           + url  = "http://ksqldb.confluent.svc.cluster.local:8088"
TestTerraformConfluentPlatformExample 2022-07-30T18:16:49Z logger.go:66:                         },
TestTerraformConfluentPlatformExample 2022-07-30T18:16:49Z logger.go:66:                     ]
TestTerraformConfluentPlatformExample 2022-07-30T18:16:49Z logger.go:66:                   + schemaRegistry = {
TestTerraformConfluentPlatformExample 2022-07-30T18:16:49Z logger.go:66:                       + url = "http://schemaregistry.confluent.svc.cluster.local:8081"
TestTerraformConfluentPlatformExample 2022-07-30T18:16:49Z logger.go:66:                     }
TestTerraformConfluentPlatformExample 2022-07-30T18:16:49Z logger.go:66:                 }
TestTerraformConfluentPlatformExample 2022-07-30T18:16:49Z logger.go:66:               + image              = {
TestTerraformConfluentPlatformExample 2022-07-30T18:16:49Z logger.go:66:                   + application = "confluentinc/cp-enterprise-control-center:7.2.0"
TestTerraformConfluentPlatformExample 2022-07-30T18:16:49Z logger.go:66:                   + init        = "confluentinc/confluent-init-container:2.4.0"
TestTerraformConfluentPlatformExample 2022-07-30T18:16:49Z logger.go:66:                 }
TestTerraformConfluentPlatformExample 2022-07-30T18:16:49Z logger.go:66:               + replicas           = 1
TestTerraformConfluentPlatformExample 2022-07-30T18:16:49Z logger.go:66:             }
TestTerraformConfluentPlatformExample 2022-07-30T18:16:49Z logger.go:66:         }
TestTerraformConfluentPlatformExample 2022-07-30T18:16:49Z logger.go:66:       + object          = {
TestTerraformConfluentPlatformExample 2022-07-30T18:16:49Z logger.go:66:           + apiVersion = "platform.confluent.io/v1beta1"
TestTerraformConfluentPlatformExample 2022-07-30T18:16:49Z logger.go:66:           + kind       = "ControlCenter"
TestTerraformConfluentPlatformExample 2022-07-30T18:16:49Z logger.go:66:           + metadata   = {
TestTerraformConfluentPlatformExample 2022-07-30T18:16:49Z logger.go:66:               + annotations                = (known after apply)
TestTerraformConfluentPlatformExample 2022-07-30T18:16:49Z logger.go:66:               + clusterName                = (known after apply)
TestTerraformConfluentPlatformExample 2022-07-30T18:16:49Z logger.go:66:               + creationTimestamp          = (known after apply)
TestTerraformConfluentPlatformExample 2022-07-30T18:16:49Z logger.go:66:               + deletionGracePeriodSeconds = (known after apply)
TestTerraformConfluentPlatformExample 2022-07-30T18:16:49Z logger.go:66:               + deletionTimestamp          = (known after apply)
TestTerraformConfluentPlatformExample 2022-07-30T18:16:49Z logger.go:66:               + finalizers                 = (known after apply)
TestTerraformConfluentPlatformExample 2022-07-30T18:16:49Z logger.go:66:               + generateName               = (known after apply)
TestTerraformConfluentPlatformExample 2022-07-30T18:16:49Z logger.go:66:               + generation                 = (known after apply)
TestTerraformConfluentPlatformExample 2022-07-30T18:16:49Z logger.go:66:               + labels                     = (known after apply)
TestTerraformConfluentPlatformExample 2022-07-30T18:16:49Z logger.go:66:               + managedFields              = (known after apply)
TestTerraformConfluentPlatformExample 2022-07-30T18:16:49Z logger.go:66:               + name                       = "controlcenter"
TestTerraformConfluentPlatformExample 2022-07-30T18:16:49Z logger.go:66:               + namespace                  = "confluent"
TestTerraformConfluentPlatformExample 2022-07-30T18:16:49Z logger.go:66:               + ownerReferences            = (known after apply)
TestTerraformConfluentPlatformExample 2022-07-30T18:16:49Z logger.go:66:               + resourceVersion            = (known after apply)
TestTerraformConfluentPlatformExample 2022-07-30T18:16:49Z logger.go:66:               + selfLink                   = (known after apply)
TestTerraformConfluentPlatformExample 2022-07-30T18:16:49Z logger.go:66:               + uid                        = (known after apply)
TestTerraformConfluentPlatformExample 2022-07-30T18:16:49Z logger.go:66:             }
TestTerraformConfluentPlatformExample 2022-07-30T18:16:49Z logger.go:66:           + spec       = {
TestTerraformConfluentPlatformExample 2022-07-30T18:16:49Z logger.go:66:               + authentication                = {
TestTerraformConfluentPlatformExample 2022-07-30T18:16:49Z logger.go:66:                   + basic = {
TestTerraformConfluentPlatformExample 2022-07-30T18:16:49Z logger.go:66:                       + debug                    = (known after apply)
TestTerraformConfluentPlatformExample 2022-07-30T18:16:49Z logger.go:66:                       + directoryPathInContainer = (known after apply)
TestTerraformConfluentPlatformExample 2022-07-30T18:16:49Z logger.go:66:                       + restrictedRoles          = (known after apply)
TestTerraformConfluentPlatformExample 2022-07-30T18:16:49Z logger.go:66:                       + roles                    = (known after apply)
TestTerraformConfluentPlatformExample 2022-07-30T18:16:49Z logger.go:66:                       + secretRef                = (known after apply)
TestTerraformConfluentPlatformExample 2022-07-30T18:16:49Z logger.go:66:                     }
TestTerraformConfluentPlatformExample 2022-07-30T18:16:49Z logger.go:66:                   + ldap  = {
TestTerraformConfluentPlatformExample 2022-07-30T18:16:49Z logger.go:66:                       + debug           = (known after apply)
TestTerraformConfluentPlatformExample 2022-07-30T18:16:49Z logger.go:66:                       + property        = (known after apply)
TestTerraformConfluentPlatformExample 2022-07-30T18:16:49Z logger.go:66:                       + restrictedRoles = (known after apply)
TestTerraformConfluentPlatformExample 2022-07-30T18:16:49Z logger.go:66:                       + roles           = (known after apply)
TestTerraformConfluentPlatformExample 2022-07-30T18:16:49Z logger.go:66:                       + secretRef       = (known after apply)
TestTerraformConfluentPlatformExample 2022-07-30T18:16:49Z logger.go:66:                     }
TestTerraformConfluentPlatformExample 2022-07-30T18:16:49Z logger.go:66:                   + type  = (known after apply)
TestTerraformConfluentPlatformExample 2022-07-30T18:16:49Z logger.go:66:                 }
TestTerraformConfluentPlatformExample 2022-07-30T18:16:49Z logger.go:66:               + authorization                 = {
TestTerraformConfluentPlatformExample 2022-07-30T18:16:49Z logger.go:66:                   + kafkaRestClassRef = {
TestTerraformConfluentPlatformExample 2022-07-30T18:16:49Z logger.go:66:                       + name      = (known after apply)
TestTerraformConfluentPlatformExample 2022-07-30T18:16:49Z logger.go:66:                       + namespace = (known after apply)
TestTerraformConfluentPlatformExample 2022-07-30T18:16:49Z logger.go:66:                     }
TestTerraformConfluentPlatformExample 2022-07-30T18:16:49Z logger.go:66:                   + type              = (known after apply)
TestTerraformConfluentPlatformExample 2022-07-30T18:16:49Z logger.go:66:                 }
TestTerraformConfluentPlatformExample 2022-07-30T18:16:49Z logger.go:66:               + configOverrides               = {
TestTerraformConfluentPlatformExample 2022-07-30T18:16:49Z logger.go:66:                   + jvm    = (known after apply)
TestTerraformConfluentPlatformExample 2022-07-30T18:16:49Z logger.go:66:                   + log4j  = (known after apply)
TestTerraformConfluentPlatformExample 2022-07-30T18:16:49Z logger.go:66:                   + server = (known after apply)
TestTerraformConfluentPlatformExample 2022-07-30T18:16:49Z logger.go:66:                 }
TestTerraformConfluentPlatformExample 2022-07-30T18:16:49Z logger.go:66:               + dataVolumeCapacity            = "10Gi"
TestTerraformConfluentPlatformExample 2022-07-30T18:16:49Z logger.go:66:               + dependencies                  = {
TestTerraformConfluentPlatformExample 2022-07-30T18:16:49Z logger.go:66:                   + connect        = [
TestTerraformConfluentPlatformExample 2022-07-30T18:16:49Z logger.go:66:                       + {
TestTerraformConfluentPlatformExample 2022-07-30T18:16:49Z logger.go:66:                           + authentication = {
TestTerraformConfluentPlatformExample 2022-07-30T18:16:49Z logger.go:66:                               + basic = {
TestTerraformConfluentPlatformExample 2022-07-30T18:16:49Z logger.go:66:                                   + debug                    = (known after apply)
TestTerraformConfluentPlatformExample 2022-07-30T18:16:49Z logger.go:66:                                   + directoryPathInContainer = (known after apply)
TestTerraformConfluentPlatformExample 2022-07-30T18:16:49Z logger.go:66:                                   + restrictedRoles          = (known after apply)
TestTerraformConfluentPlatformExample 2022-07-30T18:16:49Z logger.go:66:                                   + roles                    = (known after apply)
TestTerraformConfluentPlatformExample 2022-07-30T18:16:49Z logger.go:66:                                   + secretRef                = (known after apply)
TestTerraformConfluentPlatformExample 2022-07-30T18:16:49Z logger.go:66:                                 }
TestTerraformConfluentPlatformExample 2022-07-30T18:16:49Z logger.go:66:                               + type  = (known after apply)
TestTerraformConfluentPlatformExample 2022-07-30T18:16:49Z logger.go:66:                             }
TestTerraformConfluentPlatformExample 2022-07-30T18:16:49Z logger.go:66:                           + name           = "connect"
TestTerraformConfluentPlatformExample 2022-07-30T18:16:49Z logger.go:66:                           + tls            = {
TestTerraformConfluentPlatformExample 2022-07-30T18:16:49Z logger.go:66:                               + directoryPathInContainer = (known after apply)
TestTerraformConfluentPlatformExample 2022-07-30T18:16:49Z logger.go:66:                               + enabled                  = (known after apply)
TestTerraformConfluentPlatformExample 2022-07-30T18:16:49Z logger.go:66:                               + ignoreTrustStoreConfig   = (known after apply)
TestTerraformConfluentPlatformExample 2022-07-30T18:16:49Z logger.go:66:                               + jksPassword              = {
TestTerraformConfluentPlatformExample 2022-07-30T18:16:49Z logger.go:66:                                   + secretRef = (known after apply)
TestTerraformConfluentPlatformExample 2022-07-30T18:16:49Z logger.go:66:                                 }
TestTerraformConfluentPlatformExample 2022-07-30T18:16:49Z logger.go:66:                               + secretRef                = (known after apply)
TestTerraformConfluentPlatformExample 2022-07-30T18:16:49Z logger.go:66:                             }
TestTerraformConfluentPlatformExample 2022-07-30T18:16:49Z logger.go:66:                           + url            = "http://connect.confluent.svc.cluster.local:8083"
TestTerraformConfluentPlatformExample 2022-07-30T18:16:49Z logger.go:66:                         },
TestTerraformConfluentPlatformExample 2022-07-30T18:16:49Z logger.go:66:                     ]
TestTerraformConfluentPlatformExample 2022-07-30T18:16:49Z logger.go:66:                   + kafka          = {
TestTerraformConfluentPlatformExample 2022-07-30T18:16:49Z logger.go:66:                       + authentication    = {
TestTerraformConfluentPlatformExample 2022-07-30T18:16:49Z logger.go:66:                           + jaasConfig            = {
TestTerraformConfluentPlatformExample 2022-07-30T18:16:49Z logger.go:66:                               + secretRef = (known after apply)
TestTerraformConfluentPlatformExample 2022-07-30T18:16:49Z logger.go:66:                             }
TestTerraformConfluentPlatformExample 2022-07-30T18:16:49Z logger.go:66:                           + jaasConfigPassThrough = {
TestTerraformConfluentPlatformExample 2022-07-30T18:16:49Z logger.go:66:                               + directoryPathInContainer = (known after apply)
TestTerraformConfluentPlatformExample 2022-07-30T18:16:49Z logger.go:66:                               + secretRef                = (known after apply)
TestTerraformConfluentPlatformExample 2022-07-30T18:16:49Z logger.go:66:                             }
TestTerraformConfluentPlatformExample 2022-07-30T18:16:49Z logger.go:66:                           + oauthbearer           = {
TestTerraformConfluentPlatformExample 2022-07-30T18:16:49Z logger.go:66:                               + directoryPathInContainer = (known after apply)
TestTerraformConfluentPlatformExample 2022-07-30T18:16:49Z logger.go:66:                               + secretRef                = (known after apply)
TestTerraformConfluentPlatformExample 2022-07-30T18:16:49Z logger.go:66:                             }
TestTerraformConfluentPlatformExample 2022-07-30T18:16:49Z logger.go:66:                           + type                  = (known after apply)
TestTerraformConfluentPlatformExample 2022-07-30T18:16:49Z logger.go:66:                         }
TestTerraformConfluentPlatformExample 2022-07-30T18:16:49Z logger.go:66:                       + bootstrapEndpoint = (known after apply)
TestTerraformConfluentPlatformExample 2022-07-30T18:16:49Z logger.go:66:                       + discovery         = {
TestTerraformConfluentPlatformExample 2022-07-30T18:16:49Z logger.go:66:                           + name      = (known after apply)
TestTerraformConfluentPlatformExample 2022-07-30T18:16:49Z logger.go:66:                           + namespace = (known after apply)
TestTerraformConfluentPlatformExample 2022-07-30T18:16:49Z logger.go:66:                           + secretRef = (known after apply)
TestTerraformConfluentPlatformExample 2022-07-30T18:16:49Z logger.go:66:                         }
TestTerraformConfluentPlatformExample 2022-07-30T18:16:49Z logger.go:66:                       + tls               = {
TestTerraformConfluentPlatformExample 2022-07-30T18:16:49Z logger.go:66:                           + directoryPathInContainer = (known after apply)
TestTerraformConfluentPlatformExample 2022-07-30T18:16:49Z logger.go:66:                           + enabled                  = (known after apply)
TestTerraformConfluentPlatformExample 2022-07-30T18:16:49Z logger.go:66:                           + ignoreTrustStoreConfig   = (known after apply)
TestTerraformConfluentPlatformExample 2022-07-30T18:16:49Z logger.go:66:                           + jksPassword              = {
TestTerraformConfluentPlatformExample 2022-07-30T18:16:49Z logger.go:66:                               + secretRef = (known after apply)
TestTerraformConfluentPlatformExample 2022-07-30T18:16:49Z logger.go:66:                             }
TestTerraformConfluentPlatformExample 2022-07-30T18:16:49Z logger.go:66:                           + secretRef                = (known after apply)
TestTerraformConfluentPlatformExample 2022-07-30T18:16:49Z logger.go:66:                         }
TestTerraformConfluentPlatformExample 2022-07-30T18:16:49Z logger.go:66:                     }
TestTerraformConfluentPlatformExample 2022-07-30T18:16:49Z logger.go:66:                   + ksqldb         = [
TestTerraformConfluentPlatformExample 2022-07-30T18:16:49Z logger.go:66:                       + {
TestTerraformConfluentPlatformExample 2022-07-30T18:16:49Z logger.go:66:                           + advertisedUrl  = (known after apply)
TestTerraformConfluentPlatformExample 2022-07-30T18:16:49Z logger.go:66:                           + authentication = {
TestTerraformConfluentPlatformExample 2022-07-30T18:16:49Z logger.go:66:                               + basic = {
TestTerraformConfluentPlatformExample 2022-07-30T18:16:49Z logger.go:66:                                   + debug                    = (known after apply)
TestTerraformConfluentPlatformExample 2022-07-30T18:16:49Z logger.go:66:                                   + directoryPathInContainer = (known after apply)
TestTerraformConfluentPlatformExample 2022-07-30T18:16:49Z logger.go:66:                                   + restrictedRoles          = (known after apply)
TestTerraformConfluentPlatformExample 2022-07-30T18:16:49Z logger.go:66:                                   + roles                    = (known after apply)
TestTerraformConfluentPlatformExample 2022-07-30T18:16:49Z logger.go:66:                                   + secretRef                = (known after apply)
TestTerraformConfluentPlatformExample 2022-07-30T18:16:49Z logger.go:66:                                 }
TestTerraformConfluentPlatformExample 2022-07-30T18:16:49Z logger.go:66:                               + type  = (known after apply)
TestTerraformConfluentPlatformExample 2022-07-30T18:16:49Z logger.go:66:                             }
TestTerraformConfluentPlatformExample 2022-07-30T18:16:49Z logger.go:66:                           + name           = "ksqldb"
TestTerraformConfluentPlatformExample 2022-07-30T18:16:49Z logger.go:66:                           + tls            = {
TestTerraformConfluentPlatformExample 2022-07-30T18:16:49Z logger.go:66:                               + directoryPathInContainer = (known after apply)
TestTerraformConfluentPlatformExample 2022-07-30T18:16:49Z logger.go:66:                               + enabled                  = (known after apply)
TestTerraformConfluentPlatformExample 2022-07-30T18:16:49Z logger.go:66:                               + ignoreTrustStoreConfig   = (known after apply)
TestTerraformConfluentPlatformExample 2022-07-30T18:16:49Z logger.go:66:                               + jksPassword              = {
TestTerraformConfluentPlatformExample 2022-07-30T18:16:49Z logger.go:66:                                   + secretRef = (known after apply)
TestTerraformConfluentPlatformExample 2022-07-30T18:16:49Z logger.go:66:                                 }
TestTerraformConfluentPlatformExample 2022-07-30T18:16:49Z logger.go:66:                               + secretRef                = (known after apply)
TestTerraformConfluentPlatformExample 2022-07-30T18:16:49Z logger.go:66:                             }
TestTerraformConfluentPlatformExample 2022-07-30T18:16:49Z logger.go:66:                           + url            = "http://ksqldb.confluent.svc.cluster.local:8088"
TestTerraformConfluentPlatformExample 2022-07-30T18:16:49Z logger.go:66:                         },
TestTerraformConfluentPlatformExample 2022-07-30T18:16:49Z logger.go:66:                     ]
TestTerraformConfluentPlatformExample 2022-07-30T18:16:49Z logger.go:66:                   + mds            = {
TestTerraformConfluentPlatformExample 2022-07-30T18:16:49Z logger.go:66:                       + authentication = {
TestTerraformConfluentPlatformExample 2022-07-30T18:16:49Z logger.go:66:                           + bearer = {
TestTerraformConfluentPlatformExample 2022-07-30T18:16:49Z logger.go:66:                               + directoryPathInContainer = (known after apply)
TestTerraformConfluentPlatformExample 2022-07-30T18:16:49Z logger.go:66:                               + secretRef                = (known after apply)
TestTerraformConfluentPlatformExample 2022-07-30T18:16:49Z logger.go:66:                             }
TestTerraformConfluentPlatformExample 2022-07-30T18:16:49Z logger.go:66:                           + type   = (known after apply)
TestTerraformConfluentPlatformExample 2022-07-30T18:16:49Z logger.go:66:                         }
TestTerraformConfluentPlatformExample 2022-07-30T18:16:49Z logger.go:66:                       + endpoint       = (known after apply)
TestTerraformConfluentPlatformExample 2022-07-30T18:16:49Z logger.go:66:                       + tls            = {
TestTerraformConfluentPlatformExample 2022-07-30T18:16:49Z logger.go:66:                           + directoryPathInContainer = (known after apply)
TestTerraformConfluentPlatformExample 2022-07-30T18:16:49Z logger.go:66:                           + enabled                  = (known after apply)
TestTerraformConfluentPlatformExample 2022-07-30T18:16:49Z logger.go:66:                           + ignoreTrustStoreConfig   = (known after apply)
TestTerraformConfluentPlatformExample 2022-07-30T18:16:49Z logger.go:66:                           + jksPassword              = {
TestTerraformConfluentPlatformExample 2022-07-30T18:16:49Z logger.go:66:                               + secretRef = (known after apply)
TestTerraformConfluentPlatformExample 2022-07-30T18:16:49Z logger.go:66:                             }
TestTerraformConfluentPlatformExample 2022-07-30T18:16:49Z logger.go:66:                           + secretRef                = (known after apply)
TestTerraformConfluentPlatformExample 2022-07-30T18:16:49Z logger.go:66:                         }
TestTerraformConfluentPlatformExample 2022-07-30T18:16:49Z logger.go:66:                       + tokenKeyPair   = {
TestTerraformConfluentPlatformExample 2022-07-30T18:16:49Z logger.go:66:                           + directoryPathInContainer = (known after apply)
TestTerraformConfluentPlatformExample 2022-07-30T18:16:49Z logger.go:66:                           + secretRef                = (known after apply)
TestTerraformConfluentPlatformExample 2022-07-30T18:16:49Z logger.go:66:                         }
TestTerraformConfluentPlatformExample 2022-07-30T18:16:49Z logger.go:66:                     }
TestTerraformConfluentPlatformExample 2022-07-30T18:16:49Z logger.go:66:                   + schemaRegistry = {
TestTerraformConfluentPlatformExample 2022-07-30T18:16:49Z logger.go:66:                       + authentication = {
TestTerraformConfluentPlatformExample 2022-07-30T18:16:49Z logger.go:66:                           + basic = {
TestTerraformConfluentPlatformExample 2022-07-30T18:16:49Z logger.go:66:                               + debug                    = (known after apply)
TestTerraformConfluentPlatformExample 2022-07-30T18:16:49Z logger.go:66:                               + directoryPathInContainer = (known after apply)
TestTerraformConfluentPlatformExample 2022-07-30T18:16:49Z logger.go:66:                               + restrictedRoles          = (known after apply)
TestTerraformConfluentPlatformExample 2022-07-30T18:16:49Z logger.go:66:                               + roles                    = (known after apply)
TestTerraformConfluentPlatformExample 2022-07-30T18:16:49Z logger.go:66:                               + secretRef                = (known after apply)
TestTerraformConfluentPlatformExample 2022-07-30T18:16:49Z logger.go:66:                             }
TestTerraformConfluentPlatformExample 2022-07-30T18:16:49Z logger.go:66:                           + type  = (known after apply)
TestTerraformConfluentPlatformExample 2022-07-30T18:16:49Z logger.go:66:                         }
TestTerraformConfluentPlatformExample 2022-07-30T18:16:49Z logger.go:66:                       + clusters       = (known after apply)
TestTerraformConfluentPlatformExample 2022-07-30T18:16:49Z logger.go:66:                       + tls            = {
TestTerraformConfluentPlatformExample 2022-07-30T18:16:49Z logger.go:66:                           + directoryPathInContainer = (known after apply)
TestTerraformConfluentPlatformExample 2022-07-30T18:16:49Z logger.go:66:                           + enabled                  = (known after apply)
TestTerraformConfluentPlatformExample 2022-07-30T18:16:49Z logger.go:66:                           + ignoreTrustStoreConfig   = (known after apply)
TestTerraformConfluentPlatformExample 2022-07-30T18:16:49Z logger.go:66:                           + jksPassword              = {
TestTerraformConfluentPlatformExample 2022-07-30T18:16:49Z logger.go:66:                               + secretRef = (known after apply)
TestTerraformConfluentPlatformExample 2022-07-30T18:16:49Z logger.go:66:                             }
TestTerraformConfluentPlatformExample 2022-07-30T18:16:49Z logger.go:66:                           + secretRef                = (known after apply)
TestTerraformConfluentPlatformExample 2022-07-30T18:16:49Z logger.go:66:                         }
TestTerraformConfluentPlatformExample 2022-07-30T18:16:49Z logger.go:66:                       + url            = "http://schemaregistry.confluent.svc.cluster.local:8081"
TestTerraformConfluentPlatformExample 2022-07-30T18:16:49Z logger.go:66:                     }
TestTerraformConfluentPlatformExample 2022-07-30T18:16:49Z logger.go:66:                 }
TestTerraformConfluentPlatformExample 2022-07-30T18:16:49Z logger.go:66:               + externalAccess                = {
TestTerraformConfluentPlatformExample 2022-07-30T18:16:49Z logger.go:66:                   + loadBalancer = {
TestTerraformConfluentPlatformExample 2022-07-30T18:16:49Z logger.go:66:                       + advertisedURL            = {
TestTerraformConfluentPlatformExample 2022-07-30T18:16:49Z logger.go:66:                           + enabled = (known after apply)
TestTerraformConfluentPlatformExample 2022-07-30T18:16:49Z logger.go:66:                           + prefix  = (known after apply)
TestTerraformConfluentPlatformExample 2022-07-30T18:16:49Z logger.go:66:                         }
TestTerraformConfluentPlatformExample 2022-07-30T18:16:49Z logger.go:66:                       + annotations              = (known after apply)
TestTerraformConfluentPlatformExample 2022-07-30T18:16:49Z logger.go:66:                       + domain                   = (known after apply)
TestTerraformConfluentPlatformExample 2022-07-30T18:16:49Z logger.go:66:                       + externalTrafficPolicy    = (known after apply)
TestTerraformConfluentPlatformExample 2022-07-30T18:16:49Z logger.go:66:                       + labels                   = (known after apply)
TestTerraformConfluentPlatformExample 2022-07-30T18:16:49Z logger.go:66:                       + loadBalancerSourceRanges = (known after apply)
TestTerraformConfluentPlatformExample 2022-07-30T18:16:49Z logger.go:66:                       + port                     = (known after apply)
TestTerraformConfluentPlatformExample 2022-07-30T18:16:49Z logger.go:66:                       + prefix                   = (known after apply)
TestTerraformConfluentPlatformExample 2022-07-30T18:16:49Z logger.go:66:                       + servicePorts             = (known after apply)
TestTerraformConfluentPlatformExample 2022-07-30T18:16:49Z logger.go:66:                       + sessionAffinity          = (known after apply)
TestTerraformConfluentPlatformExample 2022-07-30T18:16:49Z logger.go:66:                       + sessionAffinityConfig    = {
TestTerraformConfluentPlatformExample 2022-07-30T18:16:49Z logger.go:66:                           + clientIP = {
TestTerraformConfluentPlatformExample 2022-07-30T18:16:49Z logger.go:66:                               + timeoutSeconds = (known after apply)
TestTerraformConfluentPlatformExample 2022-07-30T18:16:49Z logger.go:66:                             }
TestTerraformConfluentPlatformExample 2022-07-30T18:16:49Z logger.go:66:                         }
TestTerraformConfluentPlatformExample 2022-07-30T18:16:49Z logger.go:66:                     }
TestTerraformConfluentPlatformExample 2022-07-30T18:16:49Z logger.go:66:                   + nodePort     = {
TestTerraformConfluentPlatformExample 2022-07-30T18:16:49Z logger.go:66:                       + advertisedURL         = {
TestTerraformConfluentPlatformExample 2022-07-30T18:16:49Z logger.go:66:                           + enabled = (known after apply)
TestTerraformConfluentPlatformExample 2022-07-30T18:16:49Z logger.go:66:                           + prefix  = (known after apply)
TestTerraformConfluentPlatformExample 2022-07-30T18:16:49Z logger.go:66:                         }
TestTerraformConfluentPlatformExample 2022-07-30T18:16:49Z logger.go:66:                       + annotations           = (known after apply)
TestTerraformConfluentPlatformExample 2022-07-30T18:16:49Z logger.go:66:                       + externalTrafficPolicy = (known after apply)
TestTerraformConfluentPlatformExample 2022-07-30T18:16:49Z logger.go:66:                       + host                  = (known after apply)
TestTerraformConfluentPlatformExample 2022-07-30T18:16:49Z logger.go:66:                       + labels                = (known after apply)
TestTerraformConfluentPlatformExample 2022-07-30T18:16:49Z logger.go:66:                       + nodePortOffset        = (known after apply)
TestTerraformConfluentPlatformExample 2022-07-30T18:16:49Z logger.go:66:                       + servicePorts          = (known after apply)
TestTerraformConfluentPlatformExample 2022-07-30T18:16:49Z logger.go:66:                       + sessionAffinity       = (known after apply)
TestTerraformConfluentPlatformExample 2022-07-30T18:16:49Z logger.go:66:                       + sessionAffinityConfig = {
TestTerraformConfluentPlatformExample 2022-07-30T18:16:49Z logger.go:66:                           + clientIP = {
TestTerraformConfluentPlatformExample 2022-07-30T18:16:49Z logger.go:66:                               + timeoutSeconds = (known after apply)
TestTerraformConfluentPlatformExample 2022-07-30T18:16:49Z logger.go:66:                             }
TestTerraformConfluentPlatformExample 2022-07-30T18:16:49Z logger.go:66:                         }
TestTerraformConfluentPlatformExample 2022-07-30T18:16:49Z logger.go:66:                     }
TestTerraformConfluentPlatformExample 2022-07-30T18:16:49Z logger.go:66:                   + route        = {
TestTerraformConfluentPlatformExample 2022-07-30T18:16:49Z logger.go:66:                       + annotations    = (known after apply)
TestTerraformConfluentPlatformExample 2022-07-30T18:16:49Z logger.go:66:                       + domain         = (known after apply)
TestTerraformConfluentPlatformExample 2022-07-30T18:16:49Z logger.go:66:                       + labels         = (known after apply)
TestTerraformConfluentPlatformExample 2022-07-30T18:16:49Z logger.go:66:                       + prefix         = (known after apply)
TestTerraformConfluentPlatformExample 2022-07-30T18:16:49Z logger.go:66:                       + wildcardPolicy = (known after apply)
TestTerraformConfluentPlatformExample 2022-07-30T18:16:49Z logger.go:66:                     }
TestTerraformConfluentPlatformExample 2022-07-30T18:16:49Z logger.go:66:                   + type         = (known after apply)
TestTerraformConfluentPlatformExample 2022-07-30T18:16:49Z logger.go:66:                 }
TestTerraformConfluentPlatformExample 2022-07-30T18:16:49Z logger.go:66:               + headlessService               = {
TestTerraformConfluentPlatformExample 2022-07-30T18:16:49Z logger.go:66:                   + annotations              = (known after apply)
TestTerraformConfluentPlatformExample 2022-07-30T18:16:49Z logger.go:66:                   + labels                   = (known after apply)
TestTerraformConfluentPlatformExample 2022-07-30T18:16:49Z logger.go:66:                   + publishNotReadyAddresses = (known after apply)
TestTerraformConfluentPlatformExample 2022-07-30T18:16:49Z logger.go:66:                 }
TestTerraformConfluentPlatformExample 2022-07-30T18:16:49Z logger.go:66:               + id                            = (known after apply)
TestTerraformConfluentPlatformExample 2022-07-30T18:16:49Z logger.go:66:               + image                         = {
TestTerraformConfluentPlatformExample 2022-07-30T18:16:49Z logger.go:66:                   + application   = "confluentinc/cp-enterprise-control-center:7.2.0"
TestTerraformConfluentPlatformExample 2022-07-30T18:16:49Z logger.go:66:                   + init          = "confluentinc/confluent-init-container:2.4.0"
TestTerraformConfluentPlatformExample 2022-07-30T18:16:49Z logger.go:66:                   + pullPolicy    = (known after apply)
TestTerraformConfluentPlatformExample 2022-07-30T18:16:49Z logger.go:66:                   + pullSecretRef = (known after apply)
TestTerraformConfluentPlatformExample 2022-07-30T18:16:49Z logger.go:66:                 }
TestTerraformConfluentPlatformExample 2022-07-30T18:16:49Z logger.go:66:               + injectAnnotations             = (known after apply)
TestTerraformConfluentPlatformExample 2022-07-30T18:16:49Z logger.go:66:               + injectLabels                  = (known after apply)
TestTerraformConfluentPlatformExample 2022-07-30T18:16:49Z logger.go:66:               + internalTopicReplicatorFactor = (known after apply)
TestTerraformConfluentPlatformExample 2022-07-30T18:16:49Z logger.go:66:               + k8sClusterDomain              = (known after apply)
TestTerraformConfluentPlatformExample 2022-07-30T18:16:49Z logger.go:66:               + license                       = {
TestTerraformConfluentPlatformExample 2022-07-30T18:16:49Z logger.go:66:                   + directoryPathInContainer = (known after apply)
TestTerraformConfluentPlatformExample 2022-07-30T18:16:49Z logger.go:66:                   + globalLicense            = (known after apply)
TestTerraformConfluentPlatformExample 2022-07-30T18:16:49Z logger.go:66:                   + secretRef                = (known after apply)
TestTerraformConfluentPlatformExample 2022-07-30T18:16:49Z logger.go:66:                 }
TestTerraformConfluentPlatformExample 2022-07-30T18:16:49Z logger.go:66:               + mail                          = {
TestTerraformConfluentPlatformExample 2022-07-30T18:16:49Z logger.go:66:                   + authentication      = {
TestTerraformConfluentPlatformExample 2022-07-30T18:16:49Z logger.go:66:                       + basic = {
TestTerraformConfluentPlatformExample 2022-07-30T18:16:49Z logger.go:66:                           + debug                    = (known after apply)
TestTerraformConfluentPlatformExample 2022-07-30T18:16:49Z logger.go:66:                           + directoryPathInContainer = (known after apply)
TestTerraformConfluentPlatformExample 2022-07-30T18:16:49Z logger.go:66:                           + restrictedRoles          = (known after apply)
TestTerraformConfluentPlatformExample 2022-07-30T18:16:49Z logger.go:66:                           + roles                    = (known after apply)
TestTerraformConfluentPlatformExample 2022-07-30T18:16:49Z logger.go:66:                           + secretRef                = (known after apply)
TestTerraformConfluentPlatformExample 2022-07-30T18:16:49Z logger.go:66:                         }
TestTerraformConfluentPlatformExample 2022-07-30T18:16:49Z logger.go:66:                       + type  = (known after apply)
TestTerraformConfluentPlatformExample 2022-07-30T18:16:49Z logger.go:66:                     }
TestTerraformConfluentPlatformExample 2022-07-30T18:16:49Z logger.go:66:                   + checkServerIdentity = (known after apply)
TestTerraformConfluentPlatformExample 2022-07-30T18:16:49Z logger.go:66:                   + hostname            = (known after apply)
TestTerraformConfluentPlatformExample 2022-07-30T18:16:49Z logger.go:66:                   + mailBounceAddress   = (known after apply)
TestTerraformConfluentPlatformExample 2022-07-30T18:16:49Z logger.go:66:                   + mailFrom            = (known after apply)
TestTerraformConfluentPlatformExample 2022-07-30T18:16:49Z logger.go:66:                   + port                = (known after apply)
TestTerraformConfluentPlatformExample 2022-07-30T18:16:49Z logger.go:66:                   + startTLSRequired    = (known after apply)
TestTerraformConfluentPlatformExample 2022-07-30T18:16:49Z logger.go:66:                 }
TestTerraformConfluentPlatformExample 2022-07-30T18:16:49Z logger.go:66:               + metrics                       = {
TestTerraformConfluentPlatformExample 2022-07-30T18:16:49Z logger.go:66:                   + authentication = {
TestTerraformConfluentPlatformExample 2022-07-30T18:16:49Z logger.go:66:                       + type = (known after apply)
TestTerraformConfluentPlatformExample 2022-07-30T18:16:49Z logger.go:66:                     }
TestTerraformConfluentPlatformExample 2022-07-30T18:16:49Z logger.go:66:                   + prometheus     = {
TestTerraformConfluentPlatformExample 2022-07-30T18:16:49Z logger.go:66:                       + blacklist = (known after apply)
TestTerraformConfluentPlatformExample 2022-07-30T18:16:49Z logger.go:66:                       + rules     = (known after apply)
TestTerraformConfluentPlatformExample 2022-07-30T18:16:49Z logger.go:66:                       + whitelist = (known after apply)
TestTerraformConfluentPlatformExample 2022-07-30T18:16:49Z logger.go:66:                     }
TestTerraformConfluentPlatformExample 2022-07-30T18:16:49Z logger.go:66:                   + tls            = {
TestTerraformConfluentPlatformExample 2022-07-30T18:16:49Z logger.go:66:                       + directoryPathInContainer = (known after apply)
TestTerraformConfluentPlatformExample 2022-07-30T18:16:49Z logger.go:66:                       + enabled                  = (known after apply)
TestTerraformConfluentPlatformExample 2022-07-30T18:16:49Z logger.go:66:                       + ignoreTrustStoreConfig   = (known after apply)
TestTerraformConfluentPlatformExample 2022-07-30T18:16:49Z logger.go:66:                       + jksPassword              = {
TestTerraformConfluentPlatformExample 2022-07-30T18:16:49Z logger.go:66:                           + secretRef = (known after apply)
TestTerraformConfluentPlatformExample 2022-07-30T18:16:49Z logger.go:66:                         }
TestTerraformConfluentPlatformExample 2022-07-30T18:16:49Z logger.go:66:                       + secretRef                = (known after apply)
TestTerraformConfluentPlatformExample 2022-07-30T18:16:49Z logger.go:66:                     }
TestTerraformConfluentPlatformExample 2022-07-30T18:16:49Z logger.go:66:                 }
TestTerraformConfluentPlatformExample 2022-07-30T18:16:49Z logger.go:66:               + monitoringKafkaClusters       = (known after apply)
TestTerraformConfluentPlatformExample 2022-07-30T18:16:49Z logger.go:66:               + mountedSecrets                = (known after apply)
TestTerraformConfluentPlatformExample 2022-07-30T18:16:49Z logger.go:66:               + mountedVolumes                = {
TestTerraformConfluentPlatformExample 2022-07-30T18:16:49Z logger.go:66:                   + volumeMounts = (known after apply)
TestTerraformConfluentPlatformExample 2022-07-30T18:16:49Z logger.go:66:                   + volumes      = (known after apply)
TestTerraformConfluentPlatformExample 2022-07-30T18:16:49Z logger.go:66:                 }
TestTerraformConfluentPlatformExample 2022-07-30T18:16:49Z logger.go:66:               + name                          = (known after apply)
TestTerraformConfluentPlatformExample 2022-07-30T18:16:49Z logger.go:66:               + oneReplicaPerNode             = (known after apply)
TestTerraformConfluentPlatformExample 2022-07-30T18:16:49Z logger.go:66:               + podTemplate                   = {
TestTerraformConfluentPlatformExample 2022-07-30T18:16:49Z logger.go:66:                   + affinity                      = {
TestTerraformConfluentPlatformExample 2022-07-30T18:16:49Z logger.go:66:                       + nodeAffinity    = {
TestTerraformConfluentPlatformExample 2022-07-30T18:16:49Z logger.go:66:                           + preferredDuringSchedulingIgnoredDuringExecution = (known after apply)
TestTerraformConfluentPlatformExample 2022-07-30T18:16:49Z logger.go:66:                           + requiredDuringSchedulingIgnoredDuringExecution  = {
TestTerraformConfluentPlatformExample 2022-07-30T18:16:49Z logger.go:66:                               + nodeSelectorTerms = (known after apply)
TestTerraformConfluentPlatformExample 2022-07-30T18:16:49Z logger.go:66:                             }
TestTerraformConfluentPlatformExample 2022-07-30T18:16:49Z logger.go:66:                         }
TestTerraformConfluentPlatformExample 2022-07-30T18:16:49Z logger.go:66:                       + podAffinity     = {
TestTerraformConfluentPlatformExample 2022-07-30T18:16:49Z logger.go:66:                           + preferredDuringSchedulingIgnoredDuringExecution = (known after apply)
TestTerraformConfluentPlatformExample 2022-07-30T18:16:49Z logger.go:66:                           + requiredDuringSchedulingIgnoredDuringExecution  = (known after apply)
TestTerraformConfluentPlatformExample 2022-07-30T18:16:49Z logger.go:66:                         }
TestTerraformConfluentPlatformExample 2022-07-30T18:16:49Z logger.go:66:                       + podAntiAffinity = {
TestTerraformConfluentPlatformExample 2022-07-30T18:16:49Z logger.go:66:                           + preferredDuringSchedulingIgnoredDuringExecution = (known after apply)
TestTerraformConfluentPlatformExample 2022-07-30T18:16:49Z logger.go:66:                           + requiredDuringSchedulingIgnoredDuringExecution  = (known after apply)
TestTerraformConfluentPlatformExample 2022-07-30T18:16:49Z logger.go:66:                         }
TestTerraformConfluentPlatformExample 2022-07-30T18:16:49Z logger.go:66:                     }
TestTerraformConfluentPlatformExample 2022-07-30T18:16:49Z logger.go:66:                   + annotations                   = (known after apply)
TestTerraformConfluentPlatformExample 2022-07-30T18:16:49Z logger.go:66:                   + envVars                       = (known after apply)
TestTerraformConfluentPlatformExample 2022-07-30T18:16:49Z logger.go:66:                   + labels                        = (known after apply)
TestTerraformConfluentPlatformExample 2022-07-30T18:16:49Z logger.go:66:                   + podSecurityContext            = {
TestTerraformConfluentPlatformExample 2022-07-30T18:16:49Z logger.go:66:                       + fsGroup             = (known after apply)
TestTerraformConfluentPlatformExample 2022-07-30T18:16:49Z logger.go:66:                       + fsGroupChangePolicy = (known after apply)
TestTerraformConfluentPlatformExample 2022-07-30T18:16:49Z logger.go:66:                       + runAsGroup          = (known after apply)
TestTerraformConfluentPlatformExample 2022-07-30T18:16:49Z logger.go:66:                       + runAsNonRoot        = (known after apply)
TestTerraformConfluentPlatformExample 2022-07-30T18:16:49Z logger.go:66:                       + runAsUser           = (known after apply)
TestTerraformConfluentPlatformExample 2022-07-30T18:16:49Z logger.go:66:                       + seLinuxOptions      = {
TestTerraformConfluentPlatformExample 2022-07-30T18:16:49Z logger.go:66:                           + level = (known after apply)
TestTerraformConfluentPlatformExample 2022-07-30T18:16:49Z logger.go:66:                           + role  = (known after apply)
TestTerraformConfluentPlatformExample 2022-07-30T18:16:49Z logger.go:66:                           + type  = (known after apply)
TestTerraformConfluentPlatformExample 2022-07-30T18:16:49Z logger.go:66:                           + user  = (known after apply)
TestTerraformConfluentPlatformExample 2022-07-30T18:16:49Z logger.go:66:                         }
TestTerraformConfluentPlatformExample 2022-07-30T18:16:49Z logger.go:66:                       + seccompProfile      = {
TestTerraformConfluentPlatformExample 2022-07-30T18:16:49Z logger.go:66:                           + localhostProfile = (known after apply)
TestTerraformConfluentPlatformExample 2022-07-30T18:16:49Z logger.go:66:                           + type             = (known after apply)
TestTerraformConfluentPlatformExample 2022-07-30T18:16:49Z logger.go:66:                         }
TestTerraformConfluentPlatformExample 2022-07-30T18:16:49Z logger.go:66:                       + supplementalGroups  = (known after apply)
TestTerraformConfluentPlatformExample 2022-07-30T18:16:49Z logger.go:66:                       + sysctls             = (known after apply)
TestTerraformConfluentPlatformExample 2022-07-30T18:16:49Z logger.go:66:                       + windowsOptions      = {
TestTerraformConfluentPlatformExample 2022-07-30T18:16:49Z logger.go:66:                           + gmsaCredentialSpec     = (known after apply)
TestTerraformConfluentPlatformExample 2022-07-30T18:16:49Z logger.go:66:                           + gmsaCredentialSpecName = (known after apply)
TestTerraformConfluentPlatformExample 2022-07-30T18:16:49Z logger.go:66:                           + hostProcess            = (known after apply)
TestTerraformConfluentPlatformExample 2022-07-30T18:16:49Z logger.go:66:                           + runAsUserName          = (known after apply)
TestTerraformConfluentPlatformExample 2022-07-30T18:16:49Z logger.go:66:                         }
TestTerraformConfluentPlatformExample 2022-07-30T18:16:49Z logger.go:66:                     }
TestTerraformConfluentPlatformExample 2022-07-30T18:16:49Z logger.go:66:                   + priorityClassName             = (known after apply)
TestTerraformConfluentPlatformExample 2022-07-30T18:16:49Z logger.go:66:                   + probe                         = {
TestTerraformConfluentPlatformExample 2022-07-30T18:16:49Z logger.go:66:                       + liveness  = {
TestTerraformConfluentPlatformExample 2022-07-30T18:16:49Z logger.go:66:                           + failureThreshold    = (known after apply)
TestTerraformConfluentPlatformExample 2022-07-30T18:16:49Z logger.go:66:                           + initialDelaySeconds = (known after apply)
TestTerraformConfluentPlatformExample 2022-07-30T18:16:49Z logger.go:66:                           + periodSeconds       = (known after apply)
TestTerraformConfluentPlatformExample 2022-07-30T18:16:49Z logger.go:66:                           + successThreshold    = (known after apply)
TestTerraformConfluentPlatformExample 2022-07-30T18:16:49Z logger.go:66:                           + timeoutSeconds      = (known after apply)
TestTerraformConfluentPlatformExample 2022-07-30T18:16:49Z logger.go:66:                         }
TestTerraformConfluentPlatformExample 2022-07-30T18:16:49Z logger.go:66:                       + readiness = {
TestTerraformConfluentPlatformExample 2022-07-30T18:16:49Z logger.go:66:                           + failureThreshold    = (known after apply)
TestTerraformConfluentPlatformExample 2022-07-30T18:16:49Z logger.go:66:                           + initialDelaySeconds = (known after apply)
TestTerraformConfluentPlatformExample 2022-07-30T18:16:49Z logger.go:66:                           + periodSeconds       = (known after apply)
TestTerraformConfluentPlatformExample 2022-07-30T18:16:49Z logger.go:66:                           + successThreshold    = (known after apply)
TestTerraformConfluentPlatformExample 2022-07-30T18:16:49Z logger.go:66:                           + timeoutSeconds      = (known after apply)
TestTerraformConfluentPlatformExample 2022-07-30T18:16:49Z logger.go:66:                         }
TestTerraformConfluentPlatformExample 2022-07-30T18:16:49Z logger.go:66:                     }
TestTerraformConfluentPlatformExample 2022-07-30T18:16:49Z logger.go:66:                   + resources                     = {
TestTerraformConfluentPlatformExample 2022-07-30T18:16:49Z logger.go:66:                       + limits   = (known after apply)
TestTerraformConfluentPlatformExample 2022-07-30T18:16:49Z logger.go:66:                       + requests = (known after apply)
TestTerraformConfluentPlatformExample 2022-07-30T18:16:49Z logger.go:66:                     }
TestTerraformConfluentPlatformExample 2022-07-30T18:16:49Z logger.go:66:                   + securityContext               = {
TestTerraformConfluentPlatformExample 2022-07-30T18:16:49Z logger.go:66:                       + allowPrivilegeEscalation = (known after apply)
TestTerraformConfluentPlatformExample 2022-07-30T18:16:49Z logger.go:66:                       + capabilities             = {
TestTerraformConfluentPlatformExample 2022-07-30T18:16:49Z logger.go:66:                           + add  = (known after apply)
TestTerraformConfluentPlatformExample 2022-07-30T18:16:49Z logger.go:66:                           + drop = (known after apply)
TestTerraformConfluentPlatformExample 2022-07-30T18:16:49Z logger.go:66:                         }
TestTerraformConfluentPlatformExample 2022-07-30T18:16:49Z logger.go:66:                       + privileged               = (known after apply)
TestTerraformConfluentPlatformExample 2022-07-30T18:16:49Z logger.go:66:                       + procMount                = (known after apply)
TestTerraformConfluentPlatformExample 2022-07-30T18:16:49Z logger.go:66:                       + readOnlyRootFilesystem   = (known after apply)
TestTerraformConfluentPlatformExample 2022-07-30T18:16:49Z logger.go:66:                       + runAsGroup               = (known after apply)
TestTerraformConfluentPlatformExample 2022-07-30T18:16:49Z logger.go:66:                       + runAsNonRoot             = (known after apply)
TestTerraformConfluentPlatformExample 2022-07-30T18:16:49Z logger.go:66:                       + runAsUser                = (known after apply)
TestTerraformConfluentPlatformExample 2022-07-30T18:16:49Z logger.go:66:                       + seLinuxOptions           = {
TestTerraformConfluentPlatformExample 2022-07-30T18:16:49Z logger.go:66:                           + level = (known after apply)
TestTerraformConfluentPlatformExample 2022-07-30T18:16:49Z logger.go:66:                           + role  = (known after apply)
TestTerraformConfluentPlatformExample 2022-07-30T18:16:49Z logger.go:66:                           + type  = (known after apply)
TestTerraformConfluentPlatformExample 2022-07-30T18:16:49Z logger.go:66:                           + user  = (known after apply)
TestTerraformConfluentPlatformExample 2022-07-30T18:16:49Z logger.go:66:                         }
TestTerraformConfluentPlatformExample 2022-07-30T18:16:49Z logger.go:66:                       + seccompProfile           = {
TestTerraformConfluentPlatformExample 2022-07-30T18:16:49Z logger.go:66:                           + localhostProfile = (known after apply)
TestTerraformConfluentPlatformExample 2022-07-30T18:16:49Z logger.go:66:                           + type             = (known after apply)
TestTerraformConfluentPlatformExample 2022-07-30T18:16:49Z logger.go:66:                         }
TestTerraformConfluentPlatformExample 2022-07-30T18:16:49Z logger.go:66:                       + windowsOptions           = {
TestTerraformConfluentPlatformExample 2022-07-30T18:16:49Z logger.go:66:                           + gmsaCredentialSpec     = (known after apply)
TestTerraformConfluentPlatformExample 2022-07-30T18:16:49Z logger.go:66:                           + gmsaCredentialSpecName = (known after apply)
TestTerraformConfluentPlatformExample 2022-07-30T18:16:49Z logger.go:66:                           + hostProcess            = (known after apply)
TestTerraformConfluentPlatformExample 2022-07-30T18:16:49Z logger.go:66:                           + runAsUserName          = (known after apply)
TestTerraformConfluentPlatformExample 2022-07-30T18:16:49Z logger.go:66:                         }
TestTerraformConfluentPlatformExample 2022-07-30T18:16:49Z logger.go:66:                     }
TestTerraformConfluentPlatformExample 2022-07-30T18:16:49Z logger.go:66:                   + serviceAccountName            = (known after apply)
TestTerraformConfluentPlatformExample 2022-07-30T18:16:49Z logger.go:66:                   + terminationGracePeriodSeconds = (known after apply)
TestTerraformConfluentPlatformExample 2022-07-30T18:16:49Z logger.go:66:                   + tolerations                   = (known after apply)
TestTerraformConfluentPlatformExample 2022-07-30T18:16:49Z logger.go:66:                   + topologySpreadConstraints     = (known after apply)
TestTerraformConfluentPlatformExample 2022-07-30T18:16:49Z logger.go:66:                 }
TestTerraformConfluentPlatformExample 2022-07-30T18:16:49Z logger.go:66:               + replicas                      = 1
TestTerraformConfluentPlatformExample 2022-07-30T18:16:49Z logger.go:66:               + storageClass                  = {
TestTerraformConfluentPlatformExample 2022-07-30T18:16:49Z logger.go:66:                   + name = (known after apply)
TestTerraformConfluentPlatformExample 2022-07-30T18:16:49Z logger.go:66:                 }
TestTerraformConfluentPlatformExample 2022-07-30T18:16:49Z logger.go:66:               + telemetry                     = {
TestTerraformConfluentPlatformExample 2022-07-30T18:16:49Z logger.go:66:                   + global = (known after apply)
TestTerraformConfluentPlatformExample 2022-07-30T18:16:49Z logger.go:66:                 }
TestTerraformConfluentPlatformExample 2022-07-30T18:16:49Z logger.go:66:               + tls                           = {
TestTerraformConfluentPlatformExample 2022-07-30T18:16:49Z logger.go:66:                   + autoGeneratedCerts       = (known after apply)
TestTerraformConfluentPlatformExample 2022-07-30T18:16:49Z logger.go:66:                   + directoryPathInContainer = (known after apply)
TestTerraformConfluentPlatformExample 2022-07-30T18:16:49Z logger.go:66:                   + ignoreTrustStoreConfig   = (known after apply)
TestTerraformConfluentPlatformExample 2022-07-30T18:16:49Z logger.go:66:                   + jksPassword              = {
TestTerraformConfluentPlatformExample 2022-07-30T18:16:49Z logger.go:66:                       + secretRef = (known after apply)
TestTerraformConfluentPlatformExample 2022-07-30T18:16:49Z logger.go:66:                     }
TestTerraformConfluentPlatformExample 2022-07-30T18:16:49Z logger.go:66:                   + secretRef                = (known after apply)
TestTerraformConfluentPlatformExample 2022-07-30T18:16:49Z logger.go:66:                 }
TestTerraformConfluentPlatformExample 2022-07-30T18:16:49Z logger.go:66:             }
TestTerraformConfluentPlatformExample 2022-07-30T18:16:49Z logger.go:66:         }
TestTerraformConfluentPlatformExample 2022-07-30T18:16:49Z logger.go:66:
TestTerraformConfluentPlatformExample 2022-07-30T18:16:49Z logger.go:66:       + timeouts {
TestTerraformConfluentPlatformExample 2022-07-30T18:16:49Z logger.go:66:           + create = "1h"
TestTerraformConfluentPlatformExample 2022-07-30T18:16:49Z logger.go:66:           + delete = "10m"
TestTerraformConfluentPlatformExample 2022-07-30T18:16:49Z logger.go:66:           + update = "1h"
TestTerraformConfluentPlatformExample 2022-07-30T18:16:49Z logger.go:66:         }
TestTerraformConfluentPlatformExample 2022-07-30T18:16:49Z logger.go:66:
TestTerraformConfluentPlatformExample 2022-07-30T18:16:49Z logger.go:66:       + wait {
TestTerraformConfluentPlatformExample 2022-07-30T18:16:49Z logger.go:66:           + fields = {
TestTerraformConfluentPlatformExample 2022-07-30T18:16:49Z logger.go:66:               + "status.phase" = "RUNNING"
TestTerraformConfluentPlatformExample 2022-07-30T18:16:49Z logger.go:66:             }
TestTerraformConfluentPlatformExample 2022-07-30T18:16:49Z logger.go:66:         }
TestTerraformConfluentPlatformExample 2022-07-30T18:16:49Z logger.go:66:     }
TestTerraformConfluentPlatformExample 2022-07-30T18:16:49Z logger.go:66:
TestTerraformConfluentPlatformExample 2022-07-30T18:16:49Z logger.go:66:   # module.confluent_platform.kubernetes_manifest.component["kafka"] will be created
TestTerraformConfluentPlatformExample 2022-07-30T18:16:49Z logger.go:66:   + resource "kubernetes_manifest" "component" {
TestTerraformConfluentPlatformExample 2022-07-30T18:16:49Z logger.go:66:       + computed_fields = [
TestTerraformConfluentPlatformExample 2022-07-30T18:16:49Z logger.go:66:           + "metadata.finalizers",
TestTerraformConfluentPlatformExample 2022-07-30T18:16:49Z logger.go:66:         ]
TestTerraformConfluentPlatformExample 2022-07-30T18:16:49Z logger.go:66:       + manifest        = {
TestTerraformConfluentPlatformExample 2022-07-30T18:16:49Z logger.go:66:           + apiVersion = "platform.confluent.io/v1beta1"
TestTerraformConfluentPlatformExample 2022-07-30T18:16:49Z logger.go:66:           + kind       = "Kafka"
TestTerraformConfluentPlatformExample 2022-07-30T18:16:49Z logger.go:66:           + metadata   = {
TestTerraformConfluentPlatformExample 2022-07-30T18:16:49Z logger.go:66:               + name      = "kafka"
TestTerraformConfluentPlatformExample 2022-07-30T18:16:49Z logger.go:66:               + namespace = "confluent"
TestTerraformConfluentPlatformExample 2022-07-30T18:16:49Z logger.go:66:             }
TestTerraformConfluentPlatformExample 2022-07-30T18:16:49Z logger.go:66:           + spec       = {
TestTerraformConfluentPlatformExample 2022-07-30T18:16:49Z logger.go:66:               + dataVolumeCapacity = "10Gi"
TestTerraformConfluentPlatformExample 2022-07-30T18:16:49Z logger.go:66:               + image              = {
TestTerraformConfluentPlatformExample 2022-07-30T18:16:49Z logger.go:66:                   + application = "confluentinc/cp-server:7.2.0"
TestTerraformConfluentPlatformExample 2022-07-30T18:16:49Z logger.go:66:                   + init        = "confluentinc/confluent-init-container:2.4.0"
TestTerraformConfluentPlatformExample 2022-07-30T18:16:49Z logger.go:66:                 }
TestTerraformConfluentPlatformExample 2022-07-30T18:16:49Z logger.go:66:               + metricReporter     = {
TestTerraformConfluentPlatformExample 2022-07-30T18:16:49Z logger.go:66:                   + enabled = true
TestTerraformConfluentPlatformExample 2022-07-30T18:16:49Z logger.go:66:                 }
TestTerraformConfluentPlatformExample 2022-07-30T18:16:49Z logger.go:66:               + replicas           = 3
TestTerraformConfluentPlatformExample 2022-07-30T18:16:49Z logger.go:66:             }
TestTerraformConfluentPlatformExample 2022-07-30T18:16:49Z logger.go:66:         }
TestTerraformConfluentPlatformExample 2022-07-30T18:16:49Z logger.go:66:       + object          = {
TestTerraformConfluentPlatformExample 2022-07-30T18:16:49Z logger.go:66:           + apiVersion = "platform.confluent.io/v1beta1"
TestTerraformConfluentPlatformExample 2022-07-30T18:16:49Z logger.go:66:           + kind       = "Kafka"
TestTerraformConfluentPlatformExample 2022-07-30T18:16:49Z logger.go:66:           + metadata   = {
TestTerraformConfluentPlatformExample 2022-07-30T18:16:49Z logger.go:66:               + annotations                = (known after apply)
TestTerraformConfluentPlatformExample 2022-07-30T18:16:49Z logger.go:66:               + clusterName                = (known after apply)
TestTerraformConfluentPlatformExample 2022-07-30T18:16:49Z logger.go:66:               + creationTimestamp          = (known after apply)
TestTerraformConfluentPlatformExample 2022-07-30T18:16:49Z logger.go:66:               + deletionGracePeriodSeconds = (known after apply)
TestTerraformConfluentPlatformExample 2022-07-30T18:16:49Z logger.go:66:               + deletionTimestamp          = (known after apply)
TestTerraformConfluentPlatformExample 2022-07-30T18:16:49Z logger.go:66:               + finalizers                 = (known after apply)
TestTerraformConfluentPlatformExample 2022-07-30T18:16:49Z logger.go:66:               + generateName               = (known after apply)
TestTerraformConfluentPlatformExample 2022-07-30T18:16:49Z logger.go:66:               + generation                 = (known after apply)
TestTerraformConfluentPlatformExample 2022-07-30T18:16:49Z logger.go:66:               + labels                     = (known after apply)
TestTerraformConfluentPlatformExample 2022-07-30T18:16:49Z logger.go:66:               + managedFields              = (known after apply)
TestTerraformConfluentPlatformExample 2022-07-30T18:16:49Z logger.go:66:               + name                       = "kafka"
TestTerraformConfluentPlatformExample 2022-07-30T18:16:49Z logger.go:66:               + namespace                  = "confluent"
TestTerraformConfluentPlatformExample 2022-07-30T18:16:49Z logger.go:66:               + ownerReferences            = (known after apply)
TestTerraformConfluentPlatformExample 2022-07-30T18:16:49Z logger.go:66:               + resourceVersion            = (known after apply)
TestTerraformConfluentPlatformExample 2022-07-30T18:16:49Z logger.go:66:               + selfLink                   = (known after apply)
TestTerraformConfluentPlatformExample 2022-07-30T18:16:49Z logger.go:66:               + uid                        = (known after apply)
TestTerraformConfluentPlatformExample 2022-07-30T18:16:49Z logger.go:66:             }
TestTerraformConfluentPlatformExample 2022-07-30T18:16:49Z logger.go:66:           + spec       = {
TestTerraformConfluentPlatformExample 2022-07-30T18:16:49Z logger.go:66:               + authorization      = {
TestTerraformConfluentPlatformExample 2022-07-30T18:16:49Z logger.go:66:                   + superUsers = (known after apply)
TestTerraformConfluentPlatformExample 2022-07-30T18:16:49Z logger.go:66:                   + type       = (known after apply)
TestTerraformConfluentPlatformExample 2022-07-30T18:16:49Z logger.go:66:                 }
TestTerraformConfluentPlatformExample 2022-07-30T18:16:49Z logger.go:66:               + configOverrides    = {
TestTerraformConfluentPlatformExample 2022-07-30T18:16:49Z logger.go:66:                   + jvm    = (known after apply)
TestTerraformConfluentPlatformExample 2022-07-30T18:16:49Z logger.go:66:                   + log4j  = (known after apply)
TestTerraformConfluentPlatformExample 2022-07-30T18:16:49Z logger.go:66:                   + server = (known after apply)
TestTerraformConfluentPlatformExample 2022-07-30T18:16:49Z logger.go:66:                 }
TestTerraformConfluentPlatformExample 2022-07-30T18:16:49Z logger.go:66:               + dataVolumeCapacity = "10Gi"
TestTerraformConfluentPlatformExample 2022-07-30T18:16:49Z logger.go:66:               + dependencies       = {
TestTerraformConfluentPlatformExample 2022-07-30T18:16:49Z logger.go:66:                   + kafkaRest      = {
TestTerraformConfluentPlatformExample 2022-07-30T18:16:49Z logger.go:66:                       + authentication    = {
TestTerraformConfluentPlatformExample 2022-07-30T18:16:49Z logger.go:66:                           + bearer                = {
TestTerraformConfluentPlatformExample 2022-07-30T18:16:49Z logger.go:66:                               + directoryPathInContainer = (known after apply)
TestTerraformConfluentPlatformExample 2022-07-30T18:16:49Z logger.go:66:                               + secretRef                = (known after apply)
TestTerraformConfluentPlatformExample 2022-07-30T18:16:49Z logger.go:66:                             }
TestTerraformConfluentPlatformExample 2022-07-30T18:16:49Z logger.go:66:                           + jaasConfig            = {
TestTerraformConfluentPlatformExample 2022-07-30T18:16:49Z logger.go:66:                               + secretRef = (known after apply)
TestTerraformConfluentPlatformExample 2022-07-30T18:16:49Z logger.go:66:                             }
TestTerraformConfluentPlatformExample 2022-07-30T18:16:49Z logger.go:66:                           + jaasConfigPassThrough = {
TestTerraformConfluentPlatformExample 2022-07-30T18:16:49Z logger.go:66:                               + directoryPathInContainer = (known after apply)
TestTerraformConfluentPlatformExample 2022-07-30T18:16:49Z logger.go:66:                               + secretRef                = (known after apply)
TestTerraformConfluentPlatformExample 2022-07-30T18:16:49Z logger.go:66:                             }
TestTerraformConfluentPlatformExample 2022-07-30T18:16:49Z logger.go:66:                           + oauthbearer           = {
TestTerraformConfluentPlatformExample 2022-07-30T18:16:49Z logger.go:66:                               + directoryPathInContainer = (known after apply)
TestTerraformConfluentPlatformExample 2022-07-30T18:16:49Z logger.go:66:                               + secretRef                = (known after apply)
TestTerraformConfluentPlatformExample 2022-07-30T18:16:49Z logger.go:66:                             }
TestTerraformConfluentPlatformExample 2022-07-30T18:16:49Z logger.go:66:                           + type                  = (known after apply)
TestTerraformConfluentPlatformExample 2022-07-30T18:16:49Z logger.go:66:                         }
TestTerraformConfluentPlatformExample 2022-07-30T18:16:49Z logger.go:66:                       + bootstrapEndpoint = (known after apply)
TestTerraformConfluentPlatformExample 2022-07-30T18:16:49Z logger.go:66:                       + endpoint          = (known after apply)
TestTerraformConfluentPlatformExample 2022-07-30T18:16:49Z logger.go:66:                       + tls               = {
TestTerraformConfluentPlatformExample 2022-07-30T18:16:49Z logger.go:66:                           + directoryPathInContainer = (known after apply)
TestTerraformConfluentPlatformExample 2022-07-30T18:16:49Z logger.go:66:                           + enabled                  = (known after apply)
TestTerraformConfluentPlatformExample 2022-07-30T18:16:49Z logger.go:66:                           + ignoreTrustStoreConfig   = (known after apply)
TestTerraformConfluentPlatformExample 2022-07-30T18:16:49Z logger.go:66:                           + jksPassword              = {
TestTerraformConfluentPlatformExample 2022-07-30T18:16:49Z logger.go:66:                               + secretRef = (known after apply)
TestTerraformConfluentPlatformExample 2022-07-30T18:16:49Z logger.go:66:                             }
TestTerraformConfluentPlatformExample 2022-07-30T18:16:49Z logger.go:66:                           + secretRef                = (known after apply)
TestTerraformConfluentPlatformExample 2022-07-30T18:16:49Z logger.go:66:                         }
TestTerraformConfluentPlatformExample 2022-07-30T18:16:49Z logger.go:66:                     }
TestTerraformConfluentPlatformExample 2022-07-30T18:16:49Z logger.go:66:                   + mds            = {
TestTerraformConfluentPlatformExample 2022-07-30T18:16:49Z logger.go:66:                       + endpoint     = (known after apply)
TestTerraformConfluentPlatformExample 2022-07-30T18:16:49Z logger.go:66:                       + kafka        = {
TestTerraformConfluentPlatformExample 2022-07-30T18:16:49Z logger.go:66:                           + authentication    = {
TestTerraformConfluentPlatformExample 2022-07-30T18:16:49Z logger.go:66:                               + jaasConfig            = {
TestTerraformConfluentPlatformExample 2022-07-30T18:16:49Z logger.go:66:                                   + secretRef = (known after apply)
TestTerraformConfluentPlatformExample 2022-07-30T18:16:49Z logger.go:66:                                 }
TestTerraformConfluentPlatformExample 2022-07-30T18:16:49Z logger.go:66:                               + jaasConfigPassThrough = {
TestTerraformConfluentPlatformExample 2022-07-30T18:16:49Z logger.go:66:                                   + directoryPathInContainer = (known after apply)
TestTerraformConfluentPlatformExample 2022-07-30T18:16:49Z logger.go:66:                                   + secretRef                = (known after apply)
TestTerraformConfluentPlatformExample 2022-07-30T18:16:49Z logger.go:66:                                 }
TestTerraformConfluentPlatformExample 2022-07-30T18:16:49Z logger.go:66:                               + oauthbearer           = {
TestTerraformConfluentPlatformExample 2022-07-30T18:16:49Z logger.go:66:                                   + directoryPathInContainer = (known after apply)
TestTerraformConfluentPlatformExample 2022-07-30T18:16:49Z logger.go:66:                                   + secretRef                = (known after apply)
TestTerraformConfluentPlatformExample 2022-07-30T18:16:49Z logger.go:66:                                 }
TestTerraformConfluentPlatformExample 2022-07-30T18:16:49Z logger.go:66:                               + type                  = (known after apply)
TestTerraformConfluentPlatformExample 2022-07-30T18:16:49Z logger.go:66:                             }
TestTerraformConfluentPlatformExample 2022-07-30T18:16:49Z logger.go:66:                           + bootstrapEndpoint = (known after apply)
TestTerraformConfluentPlatformExample 2022-07-30T18:16:49Z logger.go:66:                           + discovery         = {
TestTerraformConfluentPlatformExample 2022-07-30T18:16:49Z logger.go:66:                               + name      = (known after apply)
TestTerraformConfluentPlatformExample 2022-07-30T18:16:49Z logger.go:66:                               + namespace = (known after apply)
TestTerraformConfluentPlatformExample 2022-07-30T18:16:49Z logger.go:66:                               + secretRef = (known after apply)
TestTerraformConfluentPlatformExample 2022-07-30T18:16:49Z logger.go:66:                             }
TestTerraformConfluentPlatformExample 2022-07-30T18:16:49Z logger.go:66:                           + tls               = {
TestTerraformConfluentPlatformExample 2022-07-30T18:16:49Z logger.go:66:                               + directoryPathInContainer = (known after apply)
TestTerraformConfluentPlatformExample 2022-07-30T18:16:49Z logger.go:66:                               + enabled                  = (known after apply)
TestTerraformConfluentPlatformExample 2022-07-30T18:16:49Z logger.go:66:                               + ignoreTrustStoreConfig   = (known after apply)
TestTerraformConfluentPlatformExample 2022-07-30T18:16:49Z logger.go:66:                               + jksPassword              = {
TestTerraformConfluentPlatformExample 2022-07-30T18:16:49Z logger.go:66:                                   + secretRef = (known after apply)
TestTerraformConfluentPlatformExample 2022-07-30T18:16:49Z logger.go:66:                                 }
TestTerraformConfluentPlatformExample 2022-07-30T18:16:49Z logger.go:66:                               + secretRef                = (known after apply)
TestTerraformConfluentPlatformExample 2022-07-30T18:16:49Z logger.go:66:                             }
TestTerraformConfluentPlatformExample 2022-07-30T18:16:49Z logger.go:66:                         }
TestTerraformConfluentPlatformExample 2022-07-30T18:16:49Z logger.go:66:                       + tls          = {
TestTerraformConfluentPlatformExample 2022-07-30T18:16:49Z logger.go:66:                           + directoryPathInContainer = (known after apply)
TestTerraformConfluentPlatformExample 2022-07-30T18:16:49Z logger.go:66:                           + enabled                  = (known after apply)
TestTerraformConfluentPlatformExample 2022-07-30T18:16:49Z logger.go:66:                           + ignoreTrustStoreConfig   = (known after apply)
TestTerraformConfluentPlatformExample 2022-07-30T18:16:49Z logger.go:66:                           + jksPassword              = {
TestTerraformConfluentPlatformExample 2022-07-30T18:16:49Z logger.go:66:                               + secretRef = (known after apply)
TestTerraformConfluentPlatformExample 2022-07-30T18:16:49Z logger.go:66:                             }
TestTerraformConfluentPlatformExample 2022-07-30T18:16:49Z logger.go:66:                           + secretRef                = (known after apply)
TestTerraformConfluentPlatformExample 2022-07-30T18:16:49Z logger.go:66:                         }
TestTerraformConfluentPlatformExample 2022-07-30T18:16:49Z logger.go:66:                       + tokenKeyPair = {
TestTerraformConfluentPlatformExample 2022-07-30T18:16:49Z logger.go:66:                           + directoryPathInContainer = (known after apply)
TestTerraformConfluentPlatformExample 2022-07-30T18:16:49Z logger.go:66:                           + secretRef                = (known after apply)
TestTerraformConfluentPlatformExample 2022-07-30T18:16:49Z logger.go:66:                         }
TestTerraformConfluentPlatformExample 2022-07-30T18:16:49Z logger.go:66:                     }
TestTerraformConfluentPlatformExample 2022-07-30T18:16:49Z logger.go:66:                   + schemaRegistry = {
TestTerraformConfluentPlatformExample 2022-07-30T18:16:49Z logger.go:66:                       + authentication = {
TestTerraformConfluentPlatformExample 2022-07-30T18:16:49Z logger.go:66:                           + basic = {
TestTerraformConfluentPlatformExample 2022-07-30T18:16:49Z logger.go:66:                               + debug                    = (known after apply)
TestTerraformConfluentPlatformExample 2022-07-30T18:16:49Z logger.go:66:                               + directoryPathInContainer = (known after apply)
TestTerraformConfluentPlatformExample 2022-07-30T18:16:49Z logger.go:66:                               + restrictedRoles          = (known after apply)
TestTerraformConfluentPlatformExample 2022-07-30T18:16:49Z logger.go:66:                               + roles                    = (known after apply)
TestTerraformConfluentPlatformExample 2022-07-30T18:16:49Z logger.go:66:                               + secretRef                = (known after apply)
TestTerraformConfluentPlatformExample 2022-07-30T18:16:49Z logger.go:66:                             }
TestTerraformConfluentPlatformExample 2022-07-30T18:16:49Z logger.go:66:                           + type  = (known after apply)
TestTerraformConfluentPlatformExample 2022-07-30T18:16:49Z logger.go:66:                         }
TestTerraformConfluentPlatformExample 2022-07-30T18:16:49Z logger.go:66:                       + tls            = {
TestTerraformConfluentPlatformExample 2022-07-30T18:16:49Z logger.go:66:                           + directoryPathInContainer = (known after apply)
TestTerraformConfluentPlatformExample 2022-07-30T18:16:49Z logger.go:66:                           + enabled                  = (known after apply)
TestTerraformConfluentPlatformExample 2022-07-30T18:16:49Z logger.go:66:                           + ignoreTrustStoreConfig   = (known after apply)
TestTerraformConfluentPlatformExample 2022-07-30T18:16:49Z logger.go:66:                           + jksPassword              = {
TestTerraformConfluentPlatformExample 2022-07-30T18:16:49Z logger.go:66:                               + secretRef = (known after apply)
TestTerraformConfluentPlatformExample 2022-07-30T18:16:49Z logger.go:66:                             }
TestTerraformConfluentPlatformExample 2022-07-30T18:16:49Z logger.go:66:                           + secretRef                = (known after apply)
TestTerraformConfluentPlatformExample 2022-07-30T18:16:49Z logger.go:66:                         }
TestTerraformConfluentPlatformExample 2022-07-30T18:16:49Z logger.go:66:                       + url            = (known after apply)
TestTerraformConfluentPlatformExample 2022-07-30T18:16:49Z logger.go:66:                     }
TestTerraformConfluentPlatformExample 2022-07-30T18:16:49Z logger.go:66:                   + zookeeper      = {
TestTerraformConfluentPlatformExample 2022-07-30T18:16:49Z logger.go:66:                       + authentication = {
TestTerraformConfluentPlatformExample 2022-07-30T18:16:49Z logger.go:66:                           + jaasConfig            = {
TestTerraformConfluentPlatformExample 2022-07-30T18:16:49Z logger.go:66:                               + secretRef = (known after apply)
TestTerraformConfluentPlatformExample 2022-07-30T18:16:49Z logger.go:66:                             }
TestTerraformConfluentPlatformExample 2022-07-30T18:16:49Z logger.go:66:                           + jaasConfigPassThrough = {
TestTerraformConfluentPlatformExample 2022-07-30T18:16:49Z logger.go:66:                               + directoryPathInContainer = (known after apply)
TestTerraformConfluentPlatformExample 2022-07-30T18:16:49Z logger.go:66:                               + secretRef                = (known after apply)
TestTerraformConfluentPlatformExample 2022-07-30T18:16:49Z logger.go:66:                             }
TestTerraformConfluentPlatformExample 2022-07-30T18:16:49Z logger.go:66:                           + oauthbearer           = {
TestTerraformConfluentPlatformExample 2022-07-30T18:16:49Z logger.go:66:                               + directoryPathInContainer = (known after apply)
TestTerraformConfluentPlatformExample 2022-07-30T18:16:49Z logger.go:66:                               + secretRef                = (known after apply)
TestTerraformConfluentPlatformExample 2022-07-30T18:16:49Z logger.go:66:                             }
TestTerraformConfluentPlatformExample 2022-07-30T18:16:49Z logger.go:66:                           + type                  = (known after apply)
TestTerraformConfluentPlatformExample 2022-07-30T18:16:49Z logger.go:66:                         }
TestTerraformConfluentPlatformExample 2022-07-30T18:16:49Z logger.go:66:                       + discovery      = {
TestTerraformConfluentPlatformExample 2022-07-30T18:16:49Z logger.go:66:                           + name      = (known after apply)
TestTerraformConfluentPlatformExample 2022-07-30T18:16:49Z logger.go:66:                           + namespace = (known after apply)
TestTerraformConfluentPlatformExample 2022-07-30T18:16:49Z logger.go:66:                           + secretRef = (known after apply)
TestTerraformConfluentPlatformExample 2022-07-30T18:16:49Z logger.go:66:                         }
TestTerraformConfluentPlatformExample 2022-07-30T18:16:49Z logger.go:66:                       + endpoint       = (known after apply)
TestTerraformConfluentPlatformExample 2022-07-30T18:16:49Z logger.go:66:                       + tls            = {
TestTerraformConfluentPlatformExample 2022-07-30T18:16:49Z logger.go:66:                           + directoryPathInContainer = (known after apply)
TestTerraformConfluentPlatformExample 2022-07-30T18:16:49Z logger.go:66:                           + enabled                  = (known after apply)
TestTerraformConfluentPlatformExample 2022-07-30T18:16:49Z logger.go:66:                           + ignoreTrustStoreConfig   = (known after apply)
TestTerraformConfluentPlatformExample 2022-07-30T18:16:49Z logger.go:66:                           + jksPassword              = {
TestTerraformConfluentPlatformExample 2022-07-30T18:16:49Z logger.go:66:                               + secretRef = (known after apply)
TestTerraformConfluentPlatformExample 2022-07-30T18:16:49Z logger.go:66:                             }
TestTerraformConfluentPlatformExample 2022-07-30T18:16:49Z logger.go:66:                           + secretRef                = (known after apply)
TestTerraformConfluentPlatformExample 2022-07-30T18:16:49Z logger.go:66:                         }
TestTerraformConfluentPlatformExample 2022-07-30T18:16:49Z logger.go:66:                     }
TestTerraformConfluentPlatformExample 2022-07-30T18:16:49Z logger.go:66:                 }
TestTerraformConfluentPlatformExample 2022-07-30T18:16:49Z logger.go:66:               + headlessService    = {
TestTerraformConfluentPlatformExample 2022-07-30T18:16:49Z logger.go:66:                   + annotations              = (known after apply)
TestTerraformConfluentPlatformExample 2022-07-30T18:16:49Z logger.go:66:                   + labels                   = (known after apply)
TestTerraformConfluentPlatformExample 2022-07-30T18:16:49Z logger.go:66:                   + publishNotReadyAddresses = (known after apply)
TestTerraformConfluentPlatformExample 2022-07-30T18:16:49Z logger.go:66:                 }
TestTerraformConfluentPlatformExample 2022-07-30T18:16:49Z logger.go:66:               + identityProvider   = {
TestTerraformConfluentPlatformExample 2022-07-30T18:16:49Z logger.go:66:                   + ldap = {
TestTerraformConfluentPlatformExample 2022-07-30T18:16:49Z logger.go:66:                       + address        = (known after apply)
TestTerraformConfluentPlatformExample 2022-07-30T18:16:49Z logger.go:66:                       + authentication = {
TestTerraformConfluentPlatformExample 2022-07-30T18:16:49Z logger.go:66:                           + simple = {
TestTerraformConfluentPlatformExample 2022-07-30T18:16:49Z logger.go:66:                               + directoryPathInContainer = (known after apply)
TestTerraformConfluentPlatformExample 2022-07-30T18:16:49Z logger.go:66:                               + secretRef                = (known after apply)
TestTerraformConfluentPlatformExample 2022-07-30T18:16:49Z logger.go:66:                             }
TestTerraformConfluentPlatformExample 2022-07-30T18:16:49Z logger.go:66:                           + type   = (known after apply)
TestTerraformConfluentPlatformExample 2022-07-30T18:16:49Z logger.go:66:                         }
TestTerraformConfluentPlatformExample 2022-07-30T18:16:49Z logger.go:66:                       + configurations = {
TestTerraformConfluentPlatformExample 2022-07-30T18:16:49Z logger.go:66:                           + groupMemberAttribute         = (known after apply)
TestTerraformConfluentPlatformExample 2022-07-30T18:16:49Z logger.go:66:                           + groupMemberAttributePattern  = (known after apply)
TestTerraformConfluentPlatformExample 2022-07-30T18:16:49Z logger.go:66:                           + groupNameAttribute           = (known after apply)
TestTerraformConfluentPlatformExample 2022-07-30T18:16:49Z logger.go:66:                           + groupObjectClass             = (known after apply)
TestTerraformConfluentPlatformExample 2022-07-30T18:16:49Z logger.go:66:                           + groupSearchBase              = (known after apply)
TestTerraformConfluentPlatformExample 2022-07-30T18:16:49Z logger.go:66:                           + groupSearchFilter            = (known after apply)
TestTerraformConfluentPlatformExample 2022-07-30T18:16:49Z logger.go:66:                           + groupSearchScope             = (known after apply)
TestTerraformConfluentPlatformExample 2022-07-30T18:16:49Z logger.go:66:                           + userMemberOfAttributePattern = (known after apply)
TestTerraformConfluentPlatformExample 2022-07-30T18:16:49Z logger.go:66:                           + userNameAttribute            = (known after apply)
TestTerraformConfluentPlatformExample 2022-07-30T18:16:49Z logger.go:66:                           + userObjectClass              = (known after apply)
TestTerraformConfluentPlatformExample 2022-07-30T18:16:49Z logger.go:66:                           + userSearchBase               = (known after apply)
TestTerraformConfluentPlatformExample 2022-07-30T18:16:49Z logger.go:66:                           + userSearchFilter             = (known after apply)
TestTerraformConfluentPlatformExample 2022-07-30T18:16:49Z logger.go:66:                           + userSearchScope              = (known after apply)
TestTerraformConfluentPlatformExample 2022-07-30T18:16:49Z logger.go:66:                         }
TestTerraformConfluentPlatformExample 2022-07-30T18:16:49Z logger.go:66:                       + tls            = {
TestTerraformConfluentPlatformExample 2022-07-30T18:16:49Z logger.go:66:                           + directoryPathInContainer = (known after apply)
TestTerraformConfluentPlatformExample 2022-07-30T18:16:49Z logger.go:66:                           + enabled                  = (known after apply)
TestTerraformConfluentPlatformExample 2022-07-30T18:16:49Z logger.go:66:                           + ignoreTrustStoreConfig   = (known after apply)
TestTerraformConfluentPlatformExample 2022-07-30T18:16:49Z logger.go:66:                           + jksPassword              = {
TestTerraformConfluentPlatformExample 2022-07-30T18:16:49Z logger.go:66:                               + secretRef = (known after apply)
TestTerraformConfluentPlatformExample 2022-07-30T18:16:49Z logger.go:66:                             }
TestTerraformConfluentPlatformExample 2022-07-30T18:16:49Z logger.go:66:                           + secretRef                = (known after apply)
TestTerraformConfluentPlatformExample 2022-07-30T18:16:49Z logger.go:66:                         }
TestTerraformConfluentPlatformExample 2022-07-30T18:16:49Z logger.go:66:                     }
TestTerraformConfluentPlatformExample 2022-07-30T18:16:49Z logger.go:66:                   + type = (known after apply)
TestTerraformConfluentPlatformExample 2022-07-30T18:16:49Z logger.go:66:                 }
TestTerraformConfluentPlatformExample 2022-07-30T18:16:49Z logger.go:66:               + image              = {
TestTerraformConfluentPlatformExample 2022-07-30T18:16:49Z logger.go:66:                   + application   = "confluentinc/cp-server:7.2.0"
TestTerraformConfluentPlatformExample 2022-07-30T18:16:49Z logger.go:66:                   + init          = "confluentinc/confluent-init-container:2.4.0"
TestTerraformConfluentPlatformExample 2022-07-30T18:16:49Z logger.go:66:                   + pullPolicy    = (known after apply)
TestTerraformConfluentPlatformExample 2022-07-30T18:16:49Z logger.go:66:                   + pullSecretRef = (known after apply)
TestTerraformConfluentPlatformExample 2022-07-30T18:16:49Z logger.go:66:                 }
TestTerraformConfluentPlatformExample 2022-07-30T18:16:49Z logger.go:66:               + injectAnnotations  = (known after apply)
TestTerraformConfluentPlatformExample 2022-07-30T18:16:49Z logger.go:66:               + injectLabels       = (known after apply)
TestTerraformConfluentPlatformExample 2022-07-30T18:16:49Z logger.go:66:               + k8sClusterDomain   = (known after apply)
TestTerraformConfluentPlatformExample 2022-07-30T18:16:49Z logger.go:66:               + license            = {
TestTerraformConfluentPlatformExample 2022-07-30T18:16:49Z logger.go:66:                   + directoryPathInContainer = (known after apply)
TestTerraformConfluentPlatformExample 2022-07-30T18:16:49Z logger.go:66:                   + globalLicense            = (known after apply)
TestTerraformConfluentPlatformExample 2022-07-30T18:16:49Z logger.go:66:                   + secretRef                = (known after apply)
TestTerraformConfluentPlatformExample 2022-07-30T18:16:49Z logger.go:66:                 }
TestTerraformConfluentPlatformExample 2022-07-30T18:16:49Z logger.go:66:               + listeners          = {
TestTerraformConfluentPlatformExample 2022-07-30T18:16:49Z logger.go:66:                   + custom   = (known after apply)
TestTerraformConfluentPlatformExample 2022-07-30T18:16:49Z logger.go:66:                   + external = {
TestTerraformConfluentPlatformExample 2022-07-30T18:16:49Z logger.go:66:                       + authentication = {
TestTerraformConfluentPlatformExample 2022-07-30T18:16:49Z logger.go:66:                           + jaasConfig            = {
TestTerraformConfluentPlatformExample 2022-07-30T18:16:49Z logger.go:66:                               + secretRef = (known after apply)
TestTerraformConfluentPlatformExample 2022-07-30T18:16:49Z logger.go:66:                             }
TestTerraformConfluentPlatformExample 2022-07-30T18:16:49Z logger.go:66:                           + jaasConfigPassThrough = {
TestTerraformConfluentPlatformExample 2022-07-30T18:16:49Z logger.go:66:                               + directoryPathInContainer = (known after apply)
TestTerraformConfluentPlatformExample 2022-07-30T18:16:49Z logger.go:66:                               + secretRef                = (known after apply)
TestTerraformConfluentPlatformExample 2022-07-30T18:16:49Z logger.go:66:                             }
TestTerraformConfluentPlatformExample 2022-07-30T18:16:49Z logger.go:66:                           + principalMappingRules = (known after apply)
TestTerraformConfluentPlatformExample 2022-07-30T18:16:49Z logger.go:66:                           + type                  = (known after apply)
TestTerraformConfluentPlatformExample 2022-07-30T18:16:49Z logger.go:66:                         }
TestTerraformConfluentPlatformExample 2022-07-30T18:16:49Z logger.go:66:                       + externalAccess = {
TestTerraformConfluentPlatformExample 2022-07-30T18:16:49Z logger.go:66:                           + loadBalancer              = {
TestTerraformConfluentPlatformExample 2022-07-30T18:16:49Z logger.go:66:                               + advertisedPort           = (known after apply)
TestTerraformConfluentPlatformExample 2022-07-30T18:16:49Z logger.go:66:                               + annotations              = (known after apply)
TestTerraformConfluentPlatformExample 2022-07-30T18:16:49Z logger.go:66:                               + bootstrapPrefix          = (known after apply)
TestTerraformConfluentPlatformExample 2022-07-30T18:16:49Z logger.go:66:                               + brokerPrefix             = (known after apply)
TestTerraformConfluentPlatformExample 2022-07-30T18:16:49Z logger.go:66:                               + domain                   = (known after apply)
TestTerraformConfluentPlatformExample 2022-07-30T18:16:49Z logger.go:66:                               + externalTrafficPolicy    = (known after apply)
TestTerraformConfluentPlatformExample 2022-07-30T18:16:49Z logger.go:66:                               + labels                   = (known after apply)
TestTerraformConfluentPlatformExample 2022-07-30T18:16:49Z logger.go:66:                               + loadBalancerSourceRanges = (known after apply)
TestTerraformConfluentPlatformExample 2022-07-30T18:16:49Z logger.go:66:                               + servicePorts             = (known after apply)
TestTerraformConfluentPlatformExample 2022-07-30T18:16:49Z logger.go:66:                               + sessionAffinity          = (known after apply)
TestTerraformConfluentPlatformExample 2022-07-30T18:16:49Z logger.go:66:                               + sessionAffinityConfig    = {
TestTerraformConfluentPlatformExample 2022-07-30T18:16:49Z logger.go:66:                                   + clientIP = {
TestTerraformConfluentPlatformExample 2022-07-30T18:16:49Z logger.go:66:                                       + timeoutSeconds = (known after apply)
TestTerraformConfluentPlatformExample 2022-07-30T18:16:49Z logger.go:66:                                     }
TestTerraformConfluentPlatformExample 2022-07-30T18:16:49Z logger.go:66:                                 }
TestTerraformConfluentPlatformExample 2022-07-30T18:16:49Z logger.go:66:                             }
TestTerraformConfluentPlatformExample 2022-07-30T18:16:49Z logger.go:66:                           + nodePort                  = {
TestTerraformConfluentPlatformExample 2022-07-30T18:16:49Z logger.go:66:                               + advertisedURL         = {
TestTerraformConfluentPlatformExample 2022-07-30T18:16:49Z logger.go:66:                                   + enabled = (known after apply)
TestTerraformConfluentPlatformExample 2022-07-30T18:16:49Z logger.go:66:                                   + prefix  = (known after apply)
TestTerraformConfluentPlatformExample 2022-07-30T18:16:49Z logger.go:66:                                 }
TestTerraformConfluentPlatformExample 2022-07-30T18:16:49Z logger.go:66:                               + annotations           = (known after apply)
TestTerraformConfluentPlatformExample 2022-07-30T18:16:49Z logger.go:66:                               + externalTrafficPolicy = (known after apply)
TestTerraformConfluentPlatformExample 2022-07-30T18:16:49Z logger.go:66:                               + host                  = (known after apply)
TestTerraformConfluentPlatformExample 2022-07-30T18:16:49Z logger.go:66:                               + labels                = (known after apply)
TestTerraformConfluentPlatformExample 2022-07-30T18:16:49Z logger.go:66:                               + nodePortOffset        = (known after apply)
TestTerraformConfluentPlatformExample 2022-07-30T18:16:49Z logger.go:66:                               + servicePorts          = (known after apply)
TestTerraformConfluentPlatformExample 2022-07-30T18:16:49Z logger.go:66:                               + sessionAffinity       = (known after apply)
TestTerraformConfluentPlatformExample 2022-07-30T18:16:49Z logger.go:66:                               + sessionAffinityConfig = {
TestTerraformConfluentPlatformExample 2022-07-30T18:16:49Z logger.go:66:                                   + clientIP = {
TestTerraformConfluentPlatformExample 2022-07-30T18:16:49Z logger.go:66:                                       + timeoutSeconds = (known after apply)
TestTerraformConfluentPlatformExample 2022-07-30T18:16:49Z logger.go:66:                                     }
TestTerraformConfluentPlatformExample 2022-07-30T18:16:49Z logger.go:66:                                 }
TestTerraformConfluentPlatformExample 2022-07-30T18:16:49Z logger.go:66:                             }
TestTerraformConfluentPlatformExample 2022-07-30T18:16:49Z logger.go:66:                           + route                     = {
TestTerraformConfluentPlatformExample 2022-07-30T18:16:49Z logger.go:66:                               + annotations     = (known after apply)
TestTerraformConfluentPlatformExample 2022-07-30T18:16:49Z logger.go:66:                               + bootstrapPrefix = (known after apply)
TestTerraformConfluentPlatformExample 2022-07-30T18:16:49Z logger.go:66:                               + brokerPrefix    = (known after apply)
TestTerraformConfluentPlatformExample 2022-07-30T18:16:49Z logger.go:66:                               + domain          = (known after apply)
TestTerraformConfluentPlatformExample 2022-07-30T18:16:49Z logger.go:66:                               + labels          = (known after apply)
TestTerraformConfluentPlatformExample 2022-07-30T18:16:49Z logger.go:66:                               + wildcardPolicy  = (known after apply)
TestTerraformConfluentPlatformExample 2022-07-30T18:16:49Z logger.go:66:                             }
TestTerraformConfluentPlatformExample 2022-07-30T18:16:49Z logger.go:66:                           + staticForHostBasedRouting = {
TestTerraformConfluentPlatformExample 2022-07-30T18:16:49Z logger.go:66:                               + brokerPrefix = (known after apply)
TestTerraformConfluentPlatformExample 2022-07-30T18:16:49Z logger.go:66:                               + domain       = (known after apply)
TestTerraformConfluentPlatformExample 2022-07-30T18:16:49Z logger.go:66:                               + port         = (known after apply)
TestTerraformConfluentPlatformExample 2022-07-30T18:16:49Z logger.go:66:                             }
TestTerraformConfluentPlatformExample 2022-07-30T18:16:49Z logger.go:66:                           + staticForPortBasedRouting = {
TestTerraformConfluentPlatformExample 2022-07-30T18:16:49Z logger.go:66:                               + host       = (known after apply)
TestTerraformConfluentPlatformExample 2022-07-30T18:16:49Z logger.go:66:                               + portOffset = (known after apply)
TestTerraformConfluentPlatformExample 2022-07-30T18:16:49Z logger.go:66:                             }
TestTerraformConfluentPlatformExample 2022-07-30T18:16:49Z logger.go:66:                           + type                      = (known after apply)
TestTerraformConfluentPlatformExample 2022-07-30T18:16:49Z logger.go:66:                         }
TestTerraformConfluentPlatformExample 2022-07-30T18:16:49Z logger.go:66:                       + tls            = {
TestTerraformConfluentPlatformExample 2022-07-30T18:16:49Z logger.go:66:                           + directoryPathInContainer = (known after apply)
TestTerraformConfluentPlatformExample 2022-07-30T18:16:49Z logger.go:66:                           + enabled                  = (known after apply)
TestTerraformConfluentPlatformExample 2022-07-30T18:16:49Z logger.go:66:                           + ignoreTrustStoreConfig   = (known after apply)
TestTerraformConfluentPlatformExample 2022-07-30T18:16:49Z logger.go:66:                           + jksPassword              = {
TestTerraformConfluentPlatformExample 2022-07-30T18:16:49Z logger.go:66:                               + secretRef = (known after apply)
TestTerraformConfluentPlatformExample 2022-07-30T18:16:49Z logger.go:66:                             }
TestTerraformConfluentPlatformExample 2022-07-30T18:16:49Z logger.go:66:                           + secretRef                = (known after apply)
TestTerraformConfluentPlatformExample 2022-07-30T18:16:49Z logger.go:66:                         }
TestTerraformConfluentPlatformExample 2022-07-30T18:16:49Z logger.go:66:                     }
TestTerraformConfluentPlatformExample 2022-07-30T18:16:49Z logger.go:66:                   + internal = {
TestTerraformConfluentPlatformExample 2022-07-30T18:16:49Z logger.go:66:                       + authentication = {
TestTerraformConfluentPlatformExample 2022-07-30T18:16:49Z logger.go:66:                           + jaasConfig            = {
TestTerraformConfluentPlatformExample 2022-07-30T18:16:49Z logger.go:66:                               + secretRef = (known after apply)
TestTerraformConfluentPlatformExample 2022-07-30T18:16:49Z logger.go:66:                             }
TestTerraformConfluentPlatformExample 2022-07-30T18:16:49Z logger.go:66:                           + jaasConfigPassThrough = {
TestTerraformConfluentPlatformExample 2022-07-30T18:16:49Z logger.go:66:                               + directoryPathInContainer = (known after apply)
TestTerraformConfluentPlatformExample 2022-07-30T18:16:49Z logger.go:66:                               + secretRef                = (known after apply)
TestTerraformConfluentPlatformExample 2022-07-30T18:16:49Z logger.go:66:                             }
TestTerraformConfluentPlatformExample 2022-07-30T18:16:49Z logger.go:66:                           + principalMappingRules = (known after apply)
TestTerraformConfluentPlatformExample 2022-07-30T18:16:49Z logger.go:66:                           + type                  = (known after apply)
TestTerraformConfluentPlatformExample 2022-07-30T18:16:49Z logger.go:66:                         }
TestTerraformConfluentPlatformExample 2022-07-30T18:16:49Z logger.go:66:                       + tls            = {
TestTerraformConfluentPlatformExample 2022-07-30T18:16:49Z logger.go:66:                           + directoryPathInContainer = (known after apply)
TestTerraformConfluentPlatformExample 2022-07-30T18:16:49Z logger.go:66:                           + enabled                  = (known after apply)
TestTerraformConfluentPlatformExample 2022-07-30T18:16:49Z logger.go:66:                           + ignoreTrustStoreConfig   = (known after apply)
TestTerraformConfluentPlatformExample 2022-07-30T18:16:49Z logger.go:66:                           + jksPassword              = {
TestTerraformConfluentPlatformExample 2022-07-30T18:16:49Z logger.go:66:                               + secretRef = (known after apply)
TestTerraformConfluentPlatformExample 2022-07-30T18:16:49Z logger.go:66:                             }
TestTerraformConfluentPlatformExample 2022-07-30T18:16:49Z logger.go:66:                           + secretRef                = (known after apply)
TestTerraformConfluentPlatformExample 2022-07-30T18:16:49Z logger.go:66:                         }
TestTerraformConfluentPlatformExample 2022-07-30T18:16:49Z logger.go:66:                     }
TestTerraformConfluentPlatformExample 2022-07-30T18:16:49Z logger.go:66:                 }
TestTerraformConfluentPlatformExample 2022-07-30T18:16:49Z logger.go:66:               + metricReporter     = {
TestTerraformConfluentPlatformExample 2022-07-30T18:16:49Z logger.go:66:                   + authentication    = {
TestTerraformConfluentPlatformExample 2022-07-30T18:16:49Z logger.go:66:                       + jaasConfig            = {
TestTerraformConfluentPlatformExample 2022-07-30T18:16:49Z logger.go:66:                           + secretRef = (known after apply)
TestTerraformConfluentPlatformExample 2022-07-30T18:16:49Z logger.go:66:                         }
TestTerraformConfluentPlatformExample 2022-07-30T18:16:49Z logger.go:66:                       + jaasConfigPassThrough = {
TestTerraformConfluentPlatformExample 2022-07-30T18:16:49Z logger.go:66:                           + directoryPathInContainer = (known after apply)
TestTerraformConfluentPlatformExample 2022-07-30T18:16:49Z logger.go:66:                           + secretRef                = (known after apply)
TestTerraformConfluentPlatformExample 2022-07-30T18:16:49Z logger.go:66:                         }
TestTerraformConfluentPlatformExample 2022-07-30T18:16:49Z logger.go:66:                       + oauthbearer           = {
TestTerraformConfluentPlatformExample 2022-07-30T18:16:49Z logger.go:66:                           + directoryPathInContainer = (known after apply)
TestTerraformConfluentPlatformExample 2022-07-30T18:16:49Z logger.go:66:                           + secretRef                = (known after apply)
TestTerraformConfluentPlatformExample 2022-07-30T18:16:49Z logger.go:66:                         }
TestTerraformConfluentPlatformExample 2022-07-30T18:16:49Z logger.go:66:                       + type                  = (known after apply)
TestTerraformConfluentPlatformExample 2022-07-30T18:16:49Z logger.go:66:                     }
TestTerraformConfluentPlatformExample 2022-07-30T18:16:49Z logger.go:66:                   + bootstrapEndpoint = (known after apply)
TestTerraformConfluentPlatformExample 2022-07-30T18:16:49Z logger.go:66:                   + enabled           = true
TestTerraformConfluentPlatformExample 2022-07-30T18:16:49Z logger.go:66:                   + replicationFactor = (known after apply)
TestTerraformConfluentPlatformExample 2022-07-30T18:16:49Z logger.go:66:                   + tls               = {
TestTerraformConfluentPlatformExample 2022-07-30T18:16:49Z logger.go:66:                       + directoryPathInContainer = (known after apply)
TestTerraformConfluentPlatformExample 2022-07-30T18:16:49Z logger.go:66:                       + enabled                  = (known after apply)
TestTerraformConfluentPlatformExample 2022-07-30T18:16:49Z logger.go:66:                       + ignoreTrustStoreConfig   = (known after apply)
TestTerraformConfluentPlatformExample 2022-07-30T18:16:49Z logger.go:66:                       + jksPassword              = {
TestTerraformConfluentPlatformExample 2022-07-30T18:16:49Z logger.go:66:                           + secretRef = (known after apply)
TestTerraformConfluentPlatformExample 2022-07-30T18:16:49Z logger.go:66:                         }
TestTerraformConfluentPlatformExample 2022-07-30T18:16:49Z logger.go:66:                       + secretRef                = (known after apply)
TestTerraformConfluentPlatformExample 2022-07-30T18:16:49Z logger.go:66:                     }
TestTerraformConfluentPlatformExample 2022-07-30T18:16:49Z logger.go:66:                 }
TestTerraformConfluentPlatformExample 2022-07-30T18:16:49Z logger.go:66:               + metrics            = {
TestTerraformConfluentPlatformExample 2022-07-30T18:16:49Z logger.go:66:                   + authentication = {
TestTerraformConfluentPlatformExample 2022-07-30T18:16:49Z logger.go:66:                       + type = (known after apply)
TestTerraformConfluentPlatformExample 2022-07-30T18:16:49Z logger.go:66:                     }
TestTerraformConfluentPlatformExample 2022-07-30T18:16:49Z logger.go:66:                   + prometheus     = {
TestTerraformConfluentPlatformExample 2022-07-30T18:16:49Z logger.go:66:                       + blacklist = (known after apply)
TestTerraformConfluentPlatformExample 2022-07-30T18:16:49Z logger.go:66:                       + rules     = (known after apply)
TestTerraformConfluentPlatformExample 2022-07-30T18:16:49Z logger.go:66:                       + whitelist = (known after apply)
TestTerraformConfluentPlatformExample 2022-07-30T18:16:49Z logger.go:66:                     }
TestTerraformConfluentPlatformExample 2022-07-30T18:16:49Z logger.go:66:                   + tls            = {
TestTerraformConfluentPlatformExample 2022-07-30T18:16:49Z logger.go:66:                       + directoryPathInContainer = (known after apply)
TestTerraformConfluentPlatformExample 2022-07-30T18:16:49Z logger.go:66:                       + enabled                  = (known after apply)
TestTerraformConfluentPlatformExample 2022-07-30T18:16:49Z logger.go:66:                       + ignoreTrustStoreConfig   = (known after apply)
TestTerraformConfluentPlatformExample 2022-07-30T18:16:49Z logger.go:66:                       + jksPassword              = {
TestTerraformConfluentPlatformExample 2022-07-30T18:16:49Z logger.go:66:                           + secretRef = (known after apply)
TestTerraformConfluentPlatformExample 2022-07-30T18:16:49Z logger.go:66:                         }
TestTerraformConfluentPlatformExample 2022-07-30T18:16:49Z logger.go:66:                       + secretRef                = (known after apply)
TestTerraformConfluentPlatformExample 2022-07-30T18:16:49Z logger.go:66:                     }
TestTerraformConfluentPlatformExample 2022-07-30T18:16:49Z logger.go:66:                 }
TestTerraformConfluentPlatformExample 2022-07-30T18:16:49Z logger.go:66:               + mountedSecrets     = (known after apply)
TestTerraformConfluentPlatformExample 2022-07-30T18:16:49Z logger.go:66:               + mountedVolumes     = {
TestTerraformConfluentPlatformExample 2022-07-30T18:16:49Z logger.go:66:                   + volumeMounts = (known after apply)
TestTerraformConfluentPlatformExample 2022-07-30T18:16:49Z logger.go:66:                   + volumes      = (known after apply)
TestTerraformConfluentPlatformExample 2022-07-30T18:16:49Z logger.go:66:                 }
TestTerraformConfluentPlatformExample 2022-07-30T18:16:49Z logger.go:66:               + oneReplicaPerNode  = (known after apply)
TestTerraformConfluentPlatformExample 2022-07-30T18:16:49Z logger.go:66:               + passwordEncoder    = {
TestTerraformConfluentPlatformExample 2022-07-30T18:16:49Z logger.go:66:                   + directoryPathInContainer = (known after apply)
TestTerraformConfluentPlatformExample 2022-07-30T18:16:49Z logger.go:66:                   + secretRef                = (known after apply)
TestTerraformConfluentPlatformExample 2022-07-30T18:16:49Z logger.go:66:                 }
TestTerraformConfluentPlatformExample 2022-07-30T18:16:49Z logger.go:66:               + podTemplate        = {
TestTerraformConfluentPlatformExample 2022-07-30T18:16:49Z logger.go:66:                   + affinity                      = {
TestTerraformConfluentPlatformExample 2022-07-30T18:16:49Z logger.go:66:                       + nodeAffinity    = {
TestTerraformConfluentPlatformExample 2022-07-30T18:16:49Z logger.go:66:                           + preferredDuringSchedulingIgnoredDuringExecution = (known after apply)
TestTerraformConfluentPlatformExample 2022-07-30T18:16:49Z logger.go:66:                           + requiredDuringSchedulingIgnoredDuringExecution  = {
TestTerraformConfluentPlatformExample 2022-07-30T18:16:49Z logger.go:66:                               + nodeSelectorTerms = (known after apply)
TestTerraformConfluentPlatformExample 2022-07-30T18:16:49Z logger.go:66:                             }
TestTerraformConfluentPlatformExample 2022-07-30T18:16:49Z logger.go:66:                         }
TestTerraformConfluentPlatformExample 2022-07-30T18:16:49Z logger.go:66:                       + podAffinity     = {
TestTerraformConfluentPlatformExample 2022-07-30T18:16:49Z logger.go:66:                           + preferredDuringSchedulingIgnoredDuringExecution = (known after apply)
TestTerraformConfluentPlatformExample 2022-07-30T18:16:49Z logger.go:66:                           + requiredDuringSchedulingIgnoredDuringExecution  = (known after apply)
TestTerraformConfluentPlatformExample 2022-07-30T18:16:49Z logger.go:66:                         }
TestTerraformConfluentPlatformExample 2022-07-30T18:16:49Z logger.go:66:                       + podAntiAffinity = {
TestTerraformConfluentPlatformExample 2022-07-30T18:16:49Z logger.go:66:                           + preferredDuringSchedulingIgnoredDuringExecution = (known after apply)
TestTerraformConfluentPlatformExample 2022-07-30T18:16:49Z logger.go:66:                           + requiredDuringSchedulingIgnoredDuringExecution  = (known after apply)
TestTerraformConfluentPlatformExample 2022-07-30T18:16:49Z logger.go:66:                         }
TestTerraformConfluentPlatformExample 2022-07-30T18:16:49Z logger.go:66:                     }
TestTerraformConfluentPlatformExample 2022-07-30T18:16:49Z logger.go:66:                   + annotations                   = (known after apply)
TestTerraformConfluentPlatformExample 2022-07-30T18:16:49Z logger.go:66:                   + envVars                       = (known after apply)
TestTerraformConfluentPlatformExample 2022-07-30T18:16:49Z logger.go:66:                   + labels                        = (known after apply)
TestTerraformConfluentPlatformExample 2022-07-30T18:16:49Z logger.go:66:                   + podSecurityContext            = {
TestTerraformConfluentPlatformExample 2022-07-30T18:16:49Z logger.go:66:                       + fsGroup             = (known after apply)
TestTerraformConfluentPlatformExample 2022-07-30T18:16:49Z logger.go:66:                       + fsGroupChangePolicy = (known after apply)
TestTerraformConfluentPlatformExample 2022-07-30T18:16:49Z logger.go:66:                       + runAsGroup          = (known after apply)
TestTerraformConfluentPlatformExample 2022-07-30T18:16:49Z logger.go:66:                       + runAsNonRoot        = (known after apply)
TestTerraformConfluentPlatformExample 2022-07-30T18:16:49Z logger.go:66:                       + runAsUser           = (known after apply)
TestTerraformConfluentPlatformExample 2022-07-30T18:16:49Z logger.go:66:                       + seLinuxOptions      = {
TestTerraformConfluentPlatformExample 2022-07-30T18:16:49Z logger.go:66:                           + level = (known after apply)
TestTerraformConfluentPlatformExample 2022-07-30T18:16:49Z logger.go:66:                           + role  = (known after apply)
TestTerraformConfluentPlatformExample 2022-07-30T18:16:49Z logger.go:66:                           + type  = (known after apply)
TestTerraformConfluentPlatformExample 2022-07-30T18:16:49Z logger.go:66:                           + user  = (known after apply)
TestTerraformConfluentPlatformExample 2022-07-30T18:16:49Z logger.go:66:                         }
TestTerraformConfluentPlatformExample 2022-07-30T18:16:49Z logger.go:66:                       + seccompProfile      = {
TestTerraformConfluentPlatformExample 2022-07-30T18:16:49Z logger.go:66:                           + localhostProfile = (known after apply)
TestTerraformConfluentPlatformExample 2022-07-30T18:16:49Z logger.go:66:                           + type             = (known after apply)
TestTerraformConfluentPlatformExample 2022-07-30T18:16:49Z logger.go:66:                         }
TestTerraformConfluentPlatformExample 2022-07-30T18:16:49Z logger.go:66:                       + supplementalGroups  = (known after apply)
TestTerraformConfluentPlatformExample 2022-07-30T18:16:49Z logger.go:66:                       + sysctls             = (known after apply)
TestTerraformConfluentPlatformExample 2022-07-30T18:16:49Z logger.go:66:                       + windowsOptions      = {
TestTerraformConfluentPlatformExample 2022-07-30T18:16:49Z logger.go:66:                           + gmsaCredentialSpec     = (known after apply)
TestTerraformConfluentPlatformExample 2022-07-30T18:16:49Z logger.go:66:                           + gmsaCredentialSpecName = (known after apply)
TestTerraformConfluentPlatformExample 2022-07-30T18:16:49Z logger.go:66:                           + hostProcess            = (known after apply)
TestTerraformConfluentPlatformExample 2022-07-30T18:16:49Z logger.go:66:                           + runAsUserName          = (known after apply)
TestTerraformConfluentPlatformExample 2022-07-30T18:16:49Z logger.go:66:                         }
TestTerraformConfluentPlatformExample 2022-07-30T18:16:49Z logger.go:66:                     }
TestTerraformConfluentPlatformExample 2022-07-30T18:16:49Z logger.go:66:                   + priorityClassName             = (known after apply)
TestTerraformConfluentPlatformExample 2022-07-30T18:16:49Z logger.go:66:                   + probe                         = {
TestTerraformConfluentPlatformExample 2022-07-30T18:16:49Z logger.go:66:                       + liveness  = {
TestTerraformConfluentPlatformExample 2022-07-30T18:16:49Z logger.go:66:                           + failureThreshold    = (known after apply)
TestTerraformConfluentPlatformExample 2022-07-30T18:16:49Z logger.go:66:                           + initialDelaySeconds = (known after apply)
TestTerraformConfluentPlatformExample 2022-07-30T18:16:49Z logger.go:66:                           + periodSeconds       = (known after apply)
TestTerraformConfluentPlatformExample 2022-07-30T18:16:49Z logger.go:66:                           + successThreshold    = (known after apply)
TestTerraformConfluentPlatformExample 2022-07-30T18:16:49Z logger.go:66:                           + timeoutSeconds      = (known after apply)
TestTerraformConfluentPlatformExample 2022-07-30T18:16:49Z logger.go:66:                         }
TestTerraformConfluentPlatformExample 2022-07-30T18:16:49Z logger.go:66:                       + readiness = {
TestTerraformConfluentPlatformExample 2022-07-30T18:16:49Z logger.go:66:                           + failureThreshold    = (known after apply)
TestTerraformConfluentPlatformExample 2022-07-30T18:16:49Z logger.go:66:                           + initialDelaySeconds = (known after apply)
TestTerraformConfluentPlatformExample 2022-07-30T18:16:49Z logger.go:66:                           + periodSeconds       = (known after apply)
TestTerraformConfluentPlatformExample 2022-07-30T18:16:49Z logger.go:66:                           + successThreshold    = (known after apply)
TestTerraformConfluentPlatformExample 2022-07-30T18:16:49Z logger.go:66:                           + timeoutSeconds      = (known after apply)
TestTerraformConfluentPlatformExample 2022-07-30T18:16:49Z logger.go:66:                         }
TestTerraformConfluentPlatformExample 2022-07-30T18:16:49Z logger.go:66:                     }
TestTerraformConfluentPlatformExample 2022-07-30T18:16:49Z logger.go:66:                   + resources                     = {
TestTerraformConfluentPlatformExample 2022-07-30T18:16:49Z logger.go:66:                       + limits   = (known after apply)
TestTerraformConfluentPlatformExample 2022-07-30T18:16:49Z logger.go:66:                       + requests = (known after apply)
TestTerraformConfluentPlatformExample 2022-07-30T18:16:49Z logger.go:66:                     }
TestTerraformConfluentPlatformExample 2022-07-30T18:16:49Z logger.go:66:                   + securityContext               = {
TestTerraformConfluentPlatformExample 2022-07-30T18:16:49Z logger.go:66:                       + allowPrivilegeEscalation = (known after apply)
TestTerraformConfluentPlatformExample 2022-07-30T18:16:49Z logger.go:66:                       + capabilities             = {
TestTerraformConfluentPlatformExample 2022-07-30T18:16:49Z logger.go:66:                           + add  = (known after apply)
TestTerraformConfluentPlatformExample 2022-07-30T18:16:49Z logger.go:66:                           + drop = (known after apply)
TestTerraformConfluentPlatformExample 2022-07-30T18:16:49Z logger.go:66:                         }
TestTerraformConfluentPlatformExample 2022-07-30T18:16:49Z logger.go:66:                       + privileged               = (known after apply)
TestTerraformConfluentPlatformExample 2022-07-30T18:16:49Z logger.go:66:                       + procMount                = (known after apply)
TestTerraformConfluentPlatformExample 2022-07-30T18:16:49Z logger.go:66:                       + readOnlyRootFilesystem   = (known after apply)
TestTerraformConfluentPlatformExample 2022-07-30T18:16:49Z logger.go:66:                       + runAsGroup               = (known after apply)
TestTerraformConfluentPlatformExample 2022-07-30T18:16:49Z logger.go:66:                       + runAsNonRoot             = (known after apply)
TestTerraformConfluentPlatformExample 2022-07-30T18:16:49Z logger.go:66:                       + runAsUser                = (known after apply)
TestTerraformConfluentPlatformExample 2022-07-30T18:16:49Z logger.go:66:                       + seLinuxOptions           = {
TestTerraformConfluentPlatformExample 2022-07-30T18:16:49Z logger.go:66:                           + level = (known after apply)
TestTerraformConfluentPlatformExample 2022-07-30T18:16:49Z logger.go:66:                           + role  = (known after apply)
TestTerraformConfluentPlatformExample 2022-07-30T18:16:49Z logger.go:66:                           + type  = (known after apply)
TestTerraformConfluentPlatformExample 2022-07-30T18:16:49Z logger.go:66:                           + user  = (known after apply)
TestTerraformConfluentPlatformExample 2022-07-30T18:16:49Z logger.go:66:                         }
TestTerraformConfluentPlatformExample 2022-07-30T18:16:49Z logger.go:66:                       + seccompProfile           = {
TestTerraformConfluentPlatformExample 2022-07-30T18:16:49Z logger.go:66:                           + localhostProfile = (known after apply)
TestTerraformConfluentPlatformExample 2022-07-30T18:16:49Z logger.go:66:                           + type             = (known after apply)
TestTerraformConfluentPlatformExample 2022-07-30T18:16:49Z logger.go:66:                         }
TestTerraformConfluentPlatformExample 2022-07-30T18:16:49Z logger.go:66:                       + windowsOptions           = {
TestTerraformConfluentPlatformExample 2022-07-30T18:16:49Z logger.go:66:                           + gmsaCredentialSpec     = (known after apply)
TestTerraformConfluentPlatformExample 2022-07-30T18:16:49Z logger.go:66:                           + gmsaCredentialSpecName = (known after apply)
TestTerraformConfluentPlatformExample 2022-07-30T18:16:49Z logger.go:66:                           + hostProcess            = (known after apply)
TestTerraformConfluentPlatformExample 2022-07-30T18:16:49Z logger.go:66:                           + runAsUserName          = (known after apply)
TestTerraformConfluentPlatformExample 2022-07-30T18:16:49Z logger.go:66:                         }
TestTerraformConfluentPlatformExample 2022-07-30T18:16:49Z logger.go:66:                     }
TestTerraformConfluentPlatformExample 2022-07-30T18:16:49Z logger.go:66:                   + serviceAccountName            = (known after apply)
TestTerraformConfluentPlatformExample 2022-07-30T18:16:49Z logger.go:66:                   + terminationGracePeriodSeconds = (known after apply)
TestTerraformConfluentPlatformExample 2022-07-30T18:16:49Z logger.go:66:                   + tolerations                   = (known after apply)
TestTerraformConfluentPlatformExample 2022-07-30T18:16:49Z logger.go:66:                   + topologySpreadConstraints     = (known after apply)
TestTerraformConfluentPlatformExample 2022-07-30T18:16:49Z logger.go:66:                 }
TestTerraformConfluentPlatformExample 2022-07-30T18:16:49Z logger.go:66:               + rackAssignment     = {
TestTerraformConfluentPlatformExample 2022-07-30T18:16:49Z logger.go:66:                   + availabilityZoneCount = (known after apply)
TestTerraformConfluentPlatformExample 2022-07-30T18:16:49Z logger.go:66:                   + nodeLabels            = (known after apply)
TestTerraformConfluentPlatformExample 2022-07-30T18:16:49Z logger.go:66:                 }
TestTerraformConfluentPlatformExample 2022-07-30T18:16:49Z logger.go:66:               + replicas           = 3
TestTerraformConfluentPlatformExample 2022-07-30T18:16:49Z logger.go:66:               + services           = {
TestTerraformConfluentPlatformExample 2022-07-30T18:16:49Z logger.go:66:                   + kafkaRest = {
TestTerraformConfluentPlatformExample 2022-07-30T18:16:49Z logger.go:66:                       + authentication = {
TestTerraformConfluentPlatformExample 2022-07-30T18:16:49Z logger.go:66:                           + basic = {
TestTerraformConfluentPlatformExample 2022-07-30T18:16:49Z logger.go:66:                               + debug                    = (known after apply)
TestTerraformConfluentPlatformExample 2022-07-30T18:16:49Z logger.go:66:                               + directoryPathInContainer = (known after apply)
TestTerraformConfluentPlatformExample 2022-07-30T18:16:49Z logger.go:66:                               + restrictedRoles          = (known after apply)
TestTerraformConfluentPlatformExample 2022-07-30T18:16:49Z logger.go:66:                               + roles                    = (known after apply)
TestTerraformConfluentPlatformExample 2022-07-30T18:16:49Z logger.go:66:                               + secretRef                = (known after apply)
TestTerraformConfluentPlatformExample 2022-07-30T18:16:49Z logger.go:66:                             }
TestTerraformConfluentPlatformExample 2022-07-30T18:16:49Z logger.go:66:                           + type  = (known after apply)
TestTerraformConfluentPlatformExample 2022-07-30T18:16:49Z logger.go:66:                         }
TestTerraformConfluentPlatformExample 2022-07-30T18:16:49Z logger.go:66:                       + externalAccess = {
TestTerraformConfluentPlatformExample 2022-07-30T18:16:49Z logger.go:66:                           + loadBalancer = {
TestTerraformConfluentPlatformExample 2022-07-30T18:16:49Z logger.go:66:                               + advertisedURL            = {
TestTerraformConfluentPlatformExample 2022-07-30T18:16:49Z logger.go:66:                                   + enabled = (known after apply)
TestTerraformConfluentPlatformExample 2022-07-30T18:16:49Z logger.go:66:                                   + prefix  = (known after apply)
TestTerraformConfluentPlatformExample 2022-07-30T18:16:49Z logger.go:66:                                 }
TestTerraformConfluentPlatformExample 2022-07-30T18:16:49Z logger.go:66:                               + annotations              = (known after apply)
TestTerraformConfluentPlatformExample 2022-07-30T18:16:49Z logger.go:66:                               + domain                   = (known after apply)
TestTerraformConfluentPlatformExample 2022-07-30T18:16:49Z logger.go:66:                               + externalTrafficPolicy    = (known after apply)
TestTerraformConfluentPlatformExample 2022-07-30T18:16:49Z logger.go:66:                               + labels                   = (known after apply)
TestTerraformConfluentPlatformExample 2022-07-30T18:16:49Z logger.go:66:                               + loadBalancerSourceRanges = (known after apply)
TestTerraformConfluentPlatformExample 2022-07-30T18:16:49Z logger.go:66:                               + port                     = (known after apply)
TestTerraformConfluentPlatformExample 2022-07-30T18:16:49Z logger.go:66:                               + prefix                   = (known after apply)
TestTerraformConfluentPlatformExample 2022-07-30T18:16:49Z logger.go:66:                               + servicePorts             = (known after apply)
TestTerraformConfluentPlatformExample 2022-07-30T18:16:49Z logger.go:66:                               + sessionAffinity          = (known after apply)
TestTerraformConfluentPlatformExample 2022-07-30T18:16:49Z logger.go:66:                               + sessionAffinityConfig    = {
TestTerraformConfluentPlatformExample 2022-07-30T18:16:49Z logger.go:66:                                   + clientIP = {
TestTerraformConfluentPlatformExample 2022-07-30T18:16:49Z logger.go:66:                                       + timeoutSeconds = (known after apply)
TestTerraformConfluentPlatformExample 2022-07-30T18:16:49Z logger.go:66:                                     }
TestTerraformConfluentPlatformExample 2022-07-30T18:16:49Z logger.go:66:                                 }
TestTerraformConfluentPlatformExample 2022-07-30T18:16:49Z logger.go:66:                             }
TestTerraformConfluentPlatformExample 2022-07-30T18:16:49Z logger.go:66:                           + nodePort     = {
TestTerraformConfluentPlatformExample 2022-07-30T18:16:49Z logger.go:66:                               + advertisedURL         = {
TestTerraformConfluentPlatformExample 2022-07-30T18:16:49Z logger.go:66:                                   + enabled = (known after apply)
TestTerraformConfluentPlatformExample 2022-07-30T18:16:49Z logger.go:66:                                   + prefix  = (known after apply)
TestTerraformConfluentPlatformExample 2022-07-30T18:16:49Z logger.go:66:                                 }
TestTerraformConfluentPlatformExample 2022-07-30T18:16:49Z logger.go:66:                               + annotations           = (known after apply)
TestTerraformConfluentPlatformExample 2022-07-30T18:16:49Z logger.go:66:                               + externalTrafficPolicy = (known after apply)
TestTerraformConfluentPlatformExample 2022-07-30T18:16:49Z logger.go:66:                               + host                  = (known after apply)
TestTerraformConfluentPlatformExample 2022-07-30T18:16:49Z logger.go:66:                               + labels                = (known after apply)
TestTerraformConfluentPlatformExample 2022-07-30T18:16:49Z logger.go:66:                               + nodePortOffset        = (known after apply)
TestTerraformConfluentPlatformExample 2022-07-30T18:16:49Z logger.go:66:                               + servicePorts          = (known after apply)
TestTerraformConfluentPlatformExample 2022-07-30T18:16:49Z logger.go:66:                               + sessionAffinity       = (known after apply)
TestTerraformConfluentPlatformExample 2022-07-30T18:16:49Z logger.go:66:                               + sessionAffinityConfig = {
TestTerraformConfluentPlatformExample 2022-07-30T18:16:49Z logger.go:66:                                   + clientIP = {
TestTerraformConfluentPlatformExample 2022-07-30T18:16:49Z logger.go:66:                                       + timeoutSeconds = (known after apply)
TestTerraformConfluentPlatformExample 2022-07-30T18:16:49Z logger.go:66:                                     }
TestTerraformConfluentPlatformExample 2022-07-30T18:16:49Z logger.go:66:                                 }
TestTerraformConfluentPlatformExample 2022-07-30T18:16:49Z logger.go:66:                             }
TestTerraformConfluentPlatformExample 2022-07-30T18:16:49Z logger.go:66:                           + route        = {
TestTerraformConfluentPlatformExample 2022-07-30T18:16:49Z logger.go:66:                               + annotations    = (known after apply)
TestTerraformConfluentPlatformExample 2022-07-30T18:16:49Z logger.go:66:                               + domain         = (known after apply)
TestTerraformConfluentPlatformExample 2022-07-30T18:16:49Z logger.go:66:                               + labels         = (known after apply)
TestTerraformConfluentPlatformExample 2022-07-30T18:16:49Z logger.go:66:                               + prefix         = (known after apply)
TestTerraformConfluentPlatformExample 2022-07-30T18:16:49Z logger.go:66:                               + wildcardPolicy = (known after apply)
TestTerraformConfluentPlatformExample 2022-07-30T18:16:49Z logger.go:66:                             }
TestTerraformConfluentPlatformExample 2022-07-30T18:16:49Z logger.go:66:                           + type         = (known after apply)
TestTerraformConfluentPlatformExample 2022-07-30T18:16:49Z logger.go:66:                         }
TestTerraformConfluentPlatformExample 2022-07-30T18:16:49Z logger.go:66:                       + tls            = {
TestTerraformConfluentPlatformExample 2022-07-30T18:16:49Z logger.go:66:                           + directoryPathInContainer = (known after apply)
TestTerraformConfluentPlatformExample 2022-07-30T18:16:49Z logger.go:66:                           + enabled                  = (known after apply)
TestTerraformConfluentPlatformExample 2022-07-30T18:16:49Z logger.go:66:                           + ignoreTrustStoreConfig   = (known after apply)
TestTerraformConfluentPlatformExample 2022-07-30T18:16:49Z logger.go:66:                           + jksPassword              = {
TestTerraformConfluentPlatformExample 2022-07-30T18:16:49Z logger.go:66:                               + secretRef = (known after apply)
TestTerraformConfluentPlatformExample 2022-07-30T18:16:49Z logger.go:66:                             }
TestTerraformConfluentPlatformExample 2022-07-30T18:16:49Z logger.go:66:                           + secretRef                = (known after apply)
TestTerraformConfluentPlatformExample 2022-07-30T18:16:49Z logger.go:66:                         }
TestTerraformConfluentPlatformExample 2022-07-30T18:16:49Z logger.go:66:                     }
TestTerraformConfluentPlatformExample 2022-07-30T18:16:49Z logger.go:66:                   + mds       = {
TestTerraformConfluentPlatformExample 2022-07-30T18:16:49Z logger.go:66:                       + authentication = {
TestTerraformConfluentPlatformExample 2022-07-30T18:16:49Z logger.go:66:                           + type = (known after apply)
TestTerraformConfluentPlatformExample 2022-07-30T18:16:49Z logger.go:66:                         }
TestTerraformConfluentPlatformExample 2022-07-30T18:16:49Z logger.go:66:                       + externalAccess = {
TestTerraformConfluentPlatformExample 2022-07-30T18:16:49Z logger.go:66:                           + loadBalancer = {
TestTerraformConfluentPlatformExample 2022-07-30T18:16:49Z logger.go:66:                               + advertisedURL            = {
TestTerraformConfluentPlatformExample 2022-07-30T18:16:49Z logger.go:66:                                   + enabled = (known after apply)
TestTerraformConfluentPlatformExample 2022-07-30T18:16:49Z logger.go:66:                                   + prefix  = (known after apply)
TestTerraformConfluentPlatformExample 2022-07-30T18:16:49Z logger.go:66:                                 }
TestTerraformConfluentPlatformExample 2022-07-30T18:16:49Z logger.go:66:                               + annotations              = (known after apply)
TestTerraformConfluentPlatformExample 2022-07-30T18:16:49Z logger.go:66:                               + domain                   = (known after apply)
TestTerraformConfluentPlatformExample 2022-07-30T18:16:49Z logger.go:66:                               + externalTrafficPolicy    = (known after apply)
TestTerraformConfluentPlatformExample 2022-07-30T18:16:49Z logger.go:66:                               + labels                   = (known after apply)
TestTerraformConfluentPlatformExample 2022-07-30T18:16:49Z logger.go:66:                               + loadBalancerSourceRanges = (known after apply)
TestTerraformConfluentPlatformExample 2022-07-30T18:16:49Z logger.go:66:                               + port                     = (known after apply)
TestTerraformConfluentPlatformExample 2022-07-30T18:16:49Z logger.go:66:                               + prefix                   = (known after apply)
TestTerraformConfluentPlatformExample 2022-07-30T18:16:49Z logger.go:66:                               + servicePorts             = (known after apply)
TestTerraformConfluentPlatformExample 2022-07-30T18:16:49Z logger.go:66:                               + sessionAffinity          = (known after apply)
TestTerraformConfluentPlatformExample 2022-07-30T18:16:49Z logger.go:66:                               + sessionAffinityConfig    = {
TestTerraformConfluentPlatformExample 2022-07-30T18:16:49Z logger.go:66:                                   + clientIP = {
TestTerraformConfluentPlatformExample 2022-07-30T18:16:49Z logger.go:66:                                       + timeoutSeconds = (known after apply)
TestTerraformConfluentPlatformExample 2022-07-30T18:16:49Z logger.go:66:                                     }
TestTerraformConfluentPlatformExample 2022-07-30T18:16:49Z logger.go:66:                                 }
TestTerraformConfluentPlatformExample 2022-07-30T18:16:49Z logger.go:66:                             }
TestTerraformConfluentPlatformExample 2022-07-30T18:16:49Z logger.go:66:                           + nodePort     = {
TestTerraformConfluentPlatformExample 2022-07-30T18:16:49Z logger.go:66:                               + advertisedURL         = {
TestTerraformConfluentPlatformExample 2022-07-30T18:16:49Z logger.go:66:                                   + enabled = (known after apply)
TestTerraformConfluentPlatformExample 2022-07-30T18:16:49Z logger.go:66:                                   + prefix  = (known after apply)
TestTerraformConfluentPlatformExample 2022-07-30T18:16:49Z logger.go:66:                                 }
TestTerraformConfluentPlatformExample 2022-07-30T18:16:49Z logger.go:66:                               + annotations           = (known after apply)
TestTerraformConfluentPlatformExample 2022-07-30T18:16:49Z logger.go:66:                               + externalTrafficPolicy = (known after apply)
TestTerraformConfluentPlatformExample 2022-07-30T18:16:49Z logger.go:66:                               + host                  = (known after apply)
TestTerraformConfluentPlatformExample 2022-07-30T18:16:49Z logger.go:66:                               + labels                = (known after apply)
TestTerraformConfluentPlatformExample 2022-07-30T18:16:49Z logger.go:66:                               + nodePortOffset        = (known after apply)
TestTerraformConfluentPlatformExample 2022-07-30T18:16:49Z logger.go:66:                               + servicePorts          = (known after apply)
TestTerraformConfluentPlatformExample 2022-07-30T18:16:49Z logger.go:66:                               + sessionAffinity       = (known after apply)
TestTerraformConfluentPlatformExample 2022-07-30T18:16:49Z logger.go:66:                               + sessionAffinityConfig = {
TestTerraformConfluentPlatformExample 2022-07-30T18:16:49Z logger.go:66:                                   + clientIP = {
TestTerraformConfluentPlatformExample 2022-07-30T18:16:49Z logger.go:66:                                       + timeoutSeconds = (known after apply)
TestTerraformConfluentPlatformExample 2022-07-30T18:16:49Z logger.go:66:                                     }
TestTerraformConfluentPlatformExample 2022-07-30T18:16:49Z logger.go:66:                                 }
TestTerraformConfluentPlatformExample 2022-07-30T18:16:49Z logger.go:66:                             }
TestTerraformConfluentPlatformExample 2022-07-30T18:16:49Z logger.go:66:                           + route        = {
TestTerraformConfluentPlatformExample 2022-07-30T18:16:49Z logger.go:66:                               + annotations    = (known after apply)
TestTerraformConfluentPlatformExample 2022-07-30T18:16:49Z logger.go:66:                               + domain         = (known after apply)
TestTerraformConfluentPlatformExample 2022-07-30T18:16:49Z logger.go:66:                               + labels         = (known after apply)
TestTerraformConfluentPlatformExample 2022-07-30T18:16:49Z logger.go:66:                               + prefix         = (known after apply)
TestTerraformConfluentPlatformExample 2022-07-30T18:16:49Z logger.go:66:                               + wildcardPolicy = (known after apply)
TestTerraformConfluentPlatformExample 2022-07-30T18:16:49Z logger.go:66:                             }
TestTerraformConfluentPlatformExample 2022-07-30T18:16:49Z logger.go:66:                           + type         = (known after apply)
TestTerraformConfluentPlatformExample 2022-07-30T18:16:49Z logger.go:66:                         }
TestTerraformConfluentPlatformExample 2022-07-30T18:16:49Z logger.go:66:                       + provider       = {
TestTerraformConfluentPlatformExample 2022-07-30T18:16:49Z logger.go:66:                           + ldap = {
TestTerraformConfluentPlatformExample 2022-07-30T18:16:49Z logger.go:66:                               + address        = (known after apply)
TestTerraformConfluentPlatformExample 2022-07-30T18:16:49Z logger.go:66:                               + authentication = {
TestTerraformConfluentPlatformExample 2022-07-30T18:16:49Z logger.go:66:                                   + simple = {
TestTerraformConfluentPlatformExample 2022-07-30T18:16:49Z logger.go:66:                                       + directoryPathInContainer = (known after apply)
TestTerraformConfluentPlatformExample 2022-07-30T18:16:49Z logger.go:66:                                       + secretRef                = (known after apply)
TestTerraformConfluentPlatformExample 2022-07-30T18:16:49Z logger.go:66:                                     }
TestTerraformConfluentPlatformExample 2022-07-30T18:16:49Z logger.go:66:                                   + type   = (known after apply)
TestTerraformConfluentPlatformExample 2022-07-30T18:16:49Z logger.go:66:                                 }
TestTerraformConfluentPlatformExample 2022-07-30T18:16:49Z logger.go:66:                               + configurations = {
TestTerraformConfluentPlatformExample 2022-07-30T18:16:49Z logger.go:66:                                   + groupMemberAttribute         = (known after apply)
TestTerraformConfluentPlatformExample 2022-07-30T18:16:49Z logger.go:66:                                   + groupMemberAttributePattern  = (known after apply)
TestTerraformConfluentPlatformExample 2022-07-30T18:16:49Z logger.go:66:                                   + groupNameAttribute           = (known after apply)
TestTerraformConfluentPlatformExample 2022-07-30T18:16:49Z logger.go:66:                                   + groupObjectClass             = (known after apply)
TestTerraformConfluentPlatformExample 2022-07-30T18:16:49Z logger.go:66:                                   + groupSearchBase              = (known after apply)
TestTerraformConfluentPlatformExample 2022-07-30T18:16:49Z logger.go:66:                                   + groupSearchFilter            = (known after apply)
TestTerraformConfluentPlatformExample 2022-07-30T18:16:49Z logger.go:66:                                   + groupSearchScope             = (known after apply)
TestTerraformConfluentPlatformExample 2022-07-30T18:16:49Z logger.go:66:                                   + userMemberOfAttributePattern = (known after apply)
TestTerraformConfluentPlatformExample 2022-07-30T18:16:49Z logger.go:66:                                   + userNameAttribute            = (known after apply)
TestTerraformConfluentPlatformExample 2022-07-30T18:16:49Z logger.go:66:                                   + userObjectClass              = (known after apply)
TestTerraformConfluentPlatformExample 2022-07-30T18:16:49Z logger.go:66:                                   + userSearchBase               = (known after apply)
TestTerraformConfluentPlatformExample 2022-07-30T18:16:49Z logger.go:66:                                   + userSearchFilter             = (known after apply)
TestTerraformConfluentPlatformExample 2022-07-30T18:16:49Z logger.go:66:                                   + userSearchScope              = (known after apply)
TestTerraformConfluentPlatformExample 2022-07-30T18:16:49Z logger.go:66:                                 }
TestTerraformConfluentPlatformExample 2022-07-30T18:16:49Z logger.go:66:                               + tls            = {
TestTerraformConfluentPlatformExample 2022-07-30T18:16:49Z logger.go:66:                                   + directoryPathInContainer = (known after apply)
TestTerraformConfluentPlatformExample 2022-07-30T18:16:49Z logger.go:66:                                   + enabled                  = (known after apply)
TestTerraformConfluentPlatformExample 2022-07-30T18:16:49Z logger.go:66:                                   + ignoreTrustStoreConfig   = (known after apply)
TestTerraformConfluentPlatformExample 2022-07-30T18:16:49Z logger.go:66:                                   + jksPassword              = {
TestTerraformConfluentPlatformExample 2022-07-30T18:16:49Z logger.go:66:                                       + secretRef = (known after apply)
TestTerraformConfluentPlatformExample 2022-07-30T18:16:49Z logger.go:66:                                     }
TestTerraformConfluentPlatformExample 2022-07-30T18:16:49Z logger.go:66:                                   + secretRef                = (known after apply)
TestTerraformConfluentPlatformExample 2022-07-30T18:16:49Z logger.go:66:                                 }
TestTerraformConfluentPlatformExample 2022-07-30T18:16:49Z logger.go:66:                             }
TestTerraformConfluentPlatformExample 2022-07-30T18:16:49Z logger.go:66:                           + type = (known after apply)
TestTerraformConfluentPlatformExample 2022-07-30T18:16:49Z logger.go:66:                         }
TestTerraformConfluentPlatformExample 2022-07-30T18:16:49Z logger.go:66:                       + tls            = {
TestTerraformConfluentPlatformExample 2022-07-30T18:16:49Z logger.go:66:                           + directoryPathInContainer = (known after apply)
TestTerraformConfluentPlatformExample 2022-07-30T18:16:49Z logger.go:66:                           + enabled                  = (known after apply)
TestTerraformConfluentPlatformExample 2022-07-30T18:16:49Z logger.go:66:                           + ignoreTrustStoreConfig   = (known after apply)
TestTerraformConfluentPlatformExample 2022-07-30T18:16:49Z logger.go:66:                           + jksPassword              = {
TestTerraformConfluentPlatformExample 2022-07-30T18:16:49Z logger.go:66:                               + secretRef = (known after apply)
TestTerraformConfluentPlatformExample 2022-07-30T18:16:49Z logger.go:66:                             }
TestTerraformConfluentPlatformExample 2022-07-30T18:16:49Z logger.go:66:                           + secretRef                = (known after apply)
TestTerraformConfluentPlatformExample 2022-07-30T18:16:49Z logger.go:66:                         }
TestTerraformConfluentPlatformExample 2022-07-30T18:16:49Z logger.go:66:                       + tokenKeyPair   = {
TestTerraformConfluentPlatformExample 2022-07-30T18:16:49Z logger.go:66:                           + directoryPathInContainer = (known after apply)
TestTerraformConfluentPlatformExample 2022-07-30T18:16:49Z logger.go:66:                           + secretRef                = (known after apply)
TestTerraformConfluentPlatformExample 2022-07-30T18:16:49Z logger.go:66:                         }
TestTerraformConfluentPlatformExample 2022-07-30T18:16:49Z logger.go:66:                     }
TestTerraformConfluentPlatformExample 2022-07-30T18:16:49Z logger.go:66:                 }
TestTerraformConfluentPlatformExample 2022-07-30T18:16:49Z logger.go:66:               + storageClass       = {
TestTerraformConfluentPlatformExample 2022-07-30T18:16:49Z logger.go:66:                   + name = (known after apply)
TestTerraformConfluentPlatformExample 2022-07-30T18:16:49Z logger.go:66:                 }
TestTerraformConfluentPlatformExample 2022-07-30T18:16:49Z logger.go:66:               + telemetry          = {
TestTerraformConfluentPlatformExample 2022-07-30T18:16:49Z logger.go:66:                   + global = (known after apply)
TestTerraformConfluentPlatformExample 2022-07-30T18:16:49Z logger.go:66:                 }
TestTerraformConfluentPlatformExample 2022-07-30T18:16:49Z logger.go:66:               + tls                = {
TestTerraformConfluentPlatformExample 2022-07-30T18:16:49Z logger.go:66:                   + autoGeneratedCerts       = (known after apply)
TestTerraformConfluentPlatformExample 2022-07-30T18:16:49Z logger.go:66:                   + directoryPathInContainer = (known after apply)
TestTerraformConfluentPlatformExample 2022-07-30T18:16:49Z logger.go:66:                   + ignoreTrustStoreConfig   = (known after apply)
TestTerraformConfluentPlatformExample 2022-07-30T18:16:49Z logger.go:66:                   + jksPassword              = {
TestTerraformConfluentPlatformExample 2022-07-30T18:16:49Z logger.go:66:                       + secretRef = (known after apply)
TestTerraformConfluentPlatformExample 2022-07-30T18:16:49Z logger.go:66:                     }
TestTerraformConfluentPlatformExample 2022-07-30T18:16:49Z logger.go:66:                   + secretRef                = (known after apply)
TestTerraformConfluentPlatformExample 2022-07-30T18:16:49Z logger.go:66:                 }
TestTerraformConfluentPlatformExample 2022-07-30T18:16:49Z logger.go:66:             }
TestTerraformConfluentPlatformExample 2022-07-30T18:16:49Z logger.go:66:         }
TestTerraformConfluentPlatformExample 2022-07-30T18:16:49Z logger.go:66:
TestTerraformConfluentPlatformExample 2022-07-30T18:16:49Z logger.go:66:       + timeouts {
TestTerraformConfluentPlatformExample 2022-07-30T18:16:49Z logger.go:66:           + create = "1h"
TestTerraformConfluentPlatformExample 2022-07-30T18:16:49Z logger.go:66:           + delete = "10m"
TestTerraformConfluentPlatformExample 2022-07-30T18:16:49Z logger.go:66:           + update = "1h"
TestTerraformConfluentPlatformExample 2022-07-30T18:16:49Z logger.go:66:         }
TestTerraformConfluentPlatformExample 2022-07-30T18:16:49Z logger.go:66:
TestTerraformConfluentPlatformExample 2022-07-30T18:16:49Z logger.go:66:       + wait {
TestTerraformConfluentPlatformExample 2022-07-30T18:16:49Z logger.go:66:           + fields = {
TestTerraformConfluentPlatformExample 2022-07-30T18:16:49Z logger.go:66:               + "status.phase" = "RUNNING"
TestTerraformConfluentPlatformExample 2022-07-30T18:16:49Z logger.go:66:             }
TestTerraformConfluentPlatformExample 2022-07-30T18:16:49Z logger.go:66:         }
TestTerraformConfluentPlatformExample 2022-07-30T18:16:49Z logger.go:66:     }
TestTerraformConfluentPlatformExample 2022-07-30T18:16:49Z logger.go:66:
TestTerraformConfluentPlatformExample 2022-07-30T18:16:49Z logger.go:66:   # module.confluent_platform.kubernetes_manifest.component["kafkarestproxy"] will be created
TestTerraformConfluentPlatformExample 2022-07-30T18:16:49Z logger.go:66:   + resource "kubernetes_manifest" "component" {
TestTerraformConfluentPlatformExample 2022-07-30T18:16:49Z logger.go:66:       + computed_fields = [
TestTerraformConfluentPlatformExample 2022-07-30T18:16:49Z logger.go:66:           + "metadata.finalizers",
TestTerraformConfluentPlatformExample 2022-07-30T18:16:49Z logger.go:66:         ]
TestTerraformConfluentPlatformExample 2022-07-30T18:16:49Z logger.go:66:       + manifest        = {
TestTerraformConfluentPlatformExample 2022-07-30T18:16:49Z logger.go:66:           + apiVersion = "platform.confluent.io/v1beta1"
TestTerraformConfluentPlatformExample 2022-07-30T18:16:49Z logger.go:66:           + kind       = "KafkaRestProxy"
TestTerraformConfluentPlatformExample 2022-07-30T18:16:49Z logger.go:66:           + metadata   = {
TestTerraformConfluentPlatformExample 2022-07-30T18:16:49Z logger.go:66:               + name      = "kafkarestproxy"
TestTerraformConfluentPlatformExample 2022-07-30T18:16:49Z logger.go:66:               + namespace = "confluent"
TestTerraformConfluentPlatformExample 2022-07-30T18:16:49Z logger.go:66:             }
TestTerraformConfluentPlatformExample 2022-07-30T18:16:49Z logger.go:66:           + spec       = {
TestTerraformConfluentPlatformExample 2022-07-30T18:16:49Z logger.go:66:               + dependencies = {
TestTerraformConfluentPlatformExample 2022-07-30T18:16:49Z logger.go:66:                   + schemaRegistry = {
TestTerraformConfluentPlatformExample 2022-07-30T18:16:49Z logger.go:66:                       + url = "http://schemaregistry.confluent.svc.cluster.local:8081"
TestTerraformConfluentPlatformExample 2022-07-30T18:16:49Z logger.go:66:                     }
TestTerraformConfluentPlatformExample 2022-07-30T18:16:49Z logger.go:66:                 }
TestTerraformConfluentPlatformExample 2022-07-30T18:16:49Z logger.go:66:               + image        = {
TestTerraformConfluentPlatformExample 2022-07-30T18:16:49Z logger.go:66:                   + application = "confluentinc/cp-kafka-rest:7.2.0"
TestTerraformConfluentPlatformExample 2022-07-30T18:16:49Z logger.go:66:                   + init        = "confluentinc/confluent-init-container:2.4.0"
TestTerraformConfluentPlatformExample 2022-07-30T18:16:49Z logger.go:66:                 }
TestTerraformConfluentPlatformExample 2022-07-30T18:16:49Z logger.go:66:               + replicas     = 1
TestTerraformConfluentPlatformExample 2022-07-30T18:16:49Z logger.go:66:             }
TestTerraformConfluentPlatformExample 2022-07-30T18:16:49Z logger.go:66:         }
TestTerraformConfluentPlatformExample 2022-07-30T18:16:49Z logger.go:66:       + object          = {
TestTerraformConfluentPlatformExample 2022-07-30T18:16:49Z logger.go:66:           + apiVersion = "platform.confluent.io/v1beta1"
TestTerraformConfluentPlatformExample 2022-07-30T18:16:49Z logger.go:66:           + kind       = "KafkaRestProxy"
TestTerraformConfluentPlatformExample 2022-07-30T18:16:49Z logger.go:66:           + metadata   = {
TestTerraformConfluentPlatformExample 2022-07-30T18:16:49Z logger.go:66:               + annotations                = (known after apply)
TestTerraformConfluentPlatformExample 2022-07-30T18:16:49Z logger.go:66:               + clusterName                = (known after apply)
TestTerraformConfluentPlatformExample 2022-07-30T18:16:49Z logger.go:66:               + creationTimestamp          = (known after apply)
TestTerraformConfluentPlatformExample 2022-07-30T18:16:49Z logger.go:66:               + deletionGracePeriodSeconds = (known after apply)
TestTerraformConfluentPlatformExample 2022-07-30T18:16:49Z logger.go:66:               + deletionTimestamp          = (known after apply)
TestTerraformConfluentPlatformExample 2022-07-30T18:16:49Z logger.go:66:               + finalizers                 = (known after apply)
TestTerraformConfluentPlatformExample 2022-07-30T18:16:49Z logger.go:66:               + generateName               = (known after apply)
TestTerraformConfluentPlatformExample 2022-07-30T18:16:49Z logger.go:66:               + generation                 = (known after apply)
TestTerraformConfluentPlatformExample 2022-07-30T18:16:49Z logger.go:66:               + labels                     = (known after apply)
TestTerraformConfluentPlatformExample 2022-07-30T18:16:49Z logger.go:66:               + managedFields              = (known after apply)
TestTerraformConfluentPlatformExample 2022-07-30T18:16:49Z logger.go:66:               + name                       = "kafkarestproxy"
TestTerraformConfluentPlatformExample 2022-07-30T18:16:49Z logger.go:66:               + namespace                  = "confluent"
TestTerraformConfluentPlatformExample 2022-07-30T18:16:49Z logger.go:66:               + ownerReferences            = (known after apply)
TestTerraformConfluentPlatformExample 2022-07-30T18:16:49Z logger.go:66:               + resourceVersion            = (known after apply)
TestTerraformConfluentPlatformExample 2022-07-30T18:16:49Z logger.go:66:               + selfLink                   = (known after apply)
TestTerraformConfluentPlatformExample 2022-07-30T18:16:49Z logger.go:66:               + uid                        = (known after apply)
TestTerraformConfluentPlatformExample 2022-07-30T18:16:49Z logger.go:66:             }
TestTerraformConfluentPlatformExample 2022-07-30T18:16:49Z logger.go:66:           + spec       = {
TestTerraformConfluentPlatformExample 2022-07-30T18:16:49Z logger.go:66:               + authentication    = {
TestTerraformConfluentPlatformExample 2022-07-30T18:16:49Z logger.go:66:                   + basic = {
TestTerraformConfluentPlatformExample 2022-07-30T18:16:49Z logger.go:66:                       + debug                    = (known after apply)
TestTerraformConfluentPlatformExample 2022-07-30T18:16:49Z logger.go:66:                       + directoryPathInContainer = (known after apply)
TestTerraformConfluentPlatformExample 2022-07-30T18:16:49Z logger.go:66:                       + restrictedRoles          = (known after apply)
TestTerraformConfluentPlatformExample 2022-07-30T18:16:49Z logger.go:66:                       + roles                    = (known after apply)
TestTerraformConfluentPlatformExample 2022-07-30T18:16:49Z logger.go:66:                       + secretRef                = (known after apply)
TestTerraformConfluentPlatformExample 2022-07-30T18:16:49Z logger.go:66:                     }
TestTerraformConfluentPlatformExample 2022-07-30T18:16:49Z logger.go:66:                   + type  = (known after apply)
TestTerraformConfluentPlatformExample 2022-07-30T18:16:49Z logger.go:66:                 }
TestTerraformConfluentPlatformExample 2022-07-30T18:16:49Z logger.go:66:               + authorization     = {
TestTerraformConfluentPlatformExample 2022-07-30T18:16:49Z logger.go:66:                   + kafkaRestClassRef = {
TestTerraformConfluentPlatformExample 2022-07-30T18:16:49Z logger.go:66:                       + name      = (known after apply)
TestTerraformConfluentPlatformExample 2022-07-30T18:16:49Z logger.go:66:                       + namespace = (known after apply)
TestTerraformConfluentPlatformExample 2022-07-30T18:16:49Z logger.go:66:                     }
TestTerraformConfluentPlatformExample 2022-07-30T18:16:49Z logger.go:66:                   + type              = (known after apply)
TestTerraformConfluentPlatformExample 2022-07-30T18:16:49Z logger.go:66:                 }
TestTerraformConfluentPlatformExample 2022-07-30T18:16:49Z logger.go:66:               + configOverrides   = {
TestTerraformConfluentPlatformExample 2022-07-30T18:16:49Z logger.go:66:                   + jvm    = (known after apply)
TestTerraformConfluentPlatformExample 2022-07-30T18:16:49Z logger.go:66:                   + log4j  = (known after apply)
TestTerraformConfluentPlatformExample 2022-07-30T18:16:49Z logger.go:66:                   + server = (known after apply)
TestTerraformConfluentPlatformExample 2022-07-30T18:16:49Z logger.go:66:                 }
TestTerraformConfluentPlatformExample 2022-07-30T18:16:49Z logger.go:66:               + dependencies      = {
TestTerraformConfluentPlatformExample 2022-07-30T18:16:49Z logger.go:66:                   + interceptor    = {
TestTerraformConfluentPlatformExample 2022-07-30T18:16:49Z logger.go:66:                       + configs   = (known after apply)
TestTerraformConfluentPlatformExample 2022-07-30T18:16:49Z logger.go:66:                       + consumer  = {
TestTerraformConfluentPlatformExample 2022-07-30T18:16:49Z logger.go:66:                           + authentication    = {
TestTerraformConfluentPlatformExample 2022-07-30T18:16:49Z logger.go:66:                               + jaasConfig            = {
TestTerraformConfluentPlatformExample 2022-07-30T18:16:49Z logger.go:66:                                   + secretRef = (known after apply)
TestTerraformConfluentPlatformExample 2022-07-30T18:16:49Z logger.go:66:                                 }
TestTerraformConfluentPlatformExample 2022-07-30T18:16:49Z logger.go:66:                               + jaasConfigPassThrough = {
TestTerraformConfluentPlatformExample 2022-07-30T18:16:49Z logger.go:66:                                   + directoryPathInContainer = (known after apply)
TestTerraformConfluentPlatformExample 2022-07-30T18:16:49Z logger.go:66:                                   + secretRef                = (known after apply)
TestTerraformConfluentPlatformExample 2022-07-30T18:16:49Z logger.go:66:                                 }
TestTerraformConfluentPlatformExample 2022-07-30T18:16:49Z logger.go:66:                               + oauthbearer           = {
TestTerraformConfluentPlatformExample 2022-07-30T18:16:49Z logger.go:66:                                   + directoryPathInContainer = (known after apply)
TestTerraformConfluentPlatformExample 2022-07-30T18:16:49Z logger.go:66:                                   + secretRef                = (known after apply)
TestTerraformConfluentPlatformExample 2022-07-30T18:16:49Z logger.go:66:                                 }
TestTerraformConfluentPlatformExample 2022-07-30T18:16:49Z logger.go:66:                               + type                  = (known after apply)
TestTerraformConfluentPlatformExample 2022-07-30T18:16:49Z logger.go:66:                             }
TestTerraformConfluentPlatformExample 2022-07-30T18:16:49Z logger.go:66:                           + bootstrapEndpoint = (known after apply)
TestTerraformConfluentPlatformExample 2022-07-30T18:16:49Z logger.go:66:                           + discovery         = {
TestTerraformConfluentPlatformExample 2022-07-30T18:16:49Z logger.go:66:                               + name      = (known after apply)
TestTerraformConfluentPlatformExample 2022-07-30T18:16:49Z logger.go:66:                               + namespace = (known after apply)
TestTerraformConfluentPlatformExample 2022-07-30T18:16:49Z logger.go:66:                               + secretRef = (known after apply)
TestTerraformConfluentPlatformExample 2022-07-30T18:16:49Z logger.go:66:                             }
TestTerraformConfluentPlatformExample 2022-07-30T18:16:49Z logger.go:66:                           + tls               = {
TestTerraformConfluentPlatformExample 2022-07-30T18:16:49Z logger.go:66:                               + directoryPathInContainer = (known after apply)
TestTerraformConfluentPlatformExample 2022-07-30T18:16:49Z logger.go:66:                               + enabled                  = (known after apply)
TestTerraformConfluentPlatformExample 2022-07-30T18:16:49Z logger.go:66:                               + ignoreTrustStoreConfig   = (known after apply)
TestTerraformConfluentPlatformExample 2022-07-30T18:16:49Z logger.go:66:                               + jksPassword              = {
TestTerraformConfluentPlatformExample 2022-07-30T18:16:49Z logger.go:66:                                   + secretRef = (known after apply)
TestTerraformConfluentPlatformExample 2022-07-30T18:16:49Z logger.go:66:                                 }
TestTerraformConfluentPlatformExample 2022-07-30T18:16:49Z logger.go:66:                               + secretRef                = (known after apply)
TestTerraformConfluentPlatformExample 2022-07-30T18:16:49Z logger.go:66:                             }
TestTerraformConfluentPlatformExample 2022-07-30T18:16:49Z logger.go:66:                         }
TestTerraformConfluentPlatformExample 2022-07-30T18:16:49Z logger.go:66:                       + enabled   = (known after apply)
TestTerraformConfluentPlatformExample 2022-07-30T18:16:49Z logger.go:66:                       + producer  = {
TestTerraformConfluentPlatformExample 2022-07-30T18:16:49Z logger.go:66:                           + authentication    = {
TestTerraformConfluentPlatformExample 2022-07-30T18:16:49Z logger.go:66:                               + jaasConfig            = {
TestTerraformConfluentPlatformExample 2022-07-30T18:16:49Z logger.go:66:                                   + secretRef = (known after apply)
TestTerraformConfluentPlatformExample 2022-07-30T18:16:49Z logger.go:66:                                 }
TestTerraformConfluentPlatformExample 2022-07-30T18:16:49Z logger.go:66:                               + jaasConfigPassThrough = {
TestTerraformConfluentPlatformExample 2022-07-30T18:16:49Z logger.go:66:                                   + directoryPathInContainer = (known after apply)
TestTerraformConfluentPlatformExample 2022-07-30T18:16:49Z logger.go:66:                                   + secretRef                = (known after apply)
TestTerraformConfluentPlatformExample 2022-07-30T18:16:49Z logger.go:66:                                 }
TestTerraformConfluentPlatformExample 2022-07-30T18:16:49Z logger.go:66:                               + oauthbearer           = {
TestTerraformConfluentPlatformExample 2022-07-30T18:16:49Z logger.go:66:                                   + directoryPathInContainer = (known after apply)
TestTerraformConfluentPlatformExample 2022-07-30T18:16:49Z logger.go:66:                                   + secretRef                = (known after apply)
TestTerraformConfluentPlatformExample 2022-07-30T18:16:49Z logger.go:66:                                 }
TestTerraformConfluentPlatformExample 2022-07-30T18:16:49Z logger.go:66:                               + type                  = (known after apply)
TestTerraformConfluentPlatformExample 2022-07-30T18:16:49Z logger.go:66:                             }
TestTerraformConfluentPlatformExample 2022-07-30T18:16:49Z logger.go:66:                           + bootstrapEndpoint = (known after apply)
TestTerraformConfluentPlatformExample 2022-07-30T18:16:49Z logger.go:66:                           + discovery         = {
TestTerraformConfluentPlatformExample 2022-07-30T18:16:49Z logger.go:66:                               + name      = (known after apply)
TestTerraformConfluentPlatformExample 2022-07-30T18:16:49Z logger.go:66:                               + namespace = (known after apply)
TestTerraformConfluentPlatformExample 2022-07-30T18:16:49Z logger.go:66:                               + secretRef = (known after apply)
TestTerraformConfluentPlatformExample 2022-07-30T18:16:49Z logger.go:66:                             }
TestTerraformConfluentPlatformExample 2022-07-30T18:16:49Z logger.go:66:                           + tls               = {
TestTerraformConfluentPlatformExample 2022-07-30T18:16:49Z logger.go:66:                               + directoryPathInContainer = (known after apply)
TestTerraformConfluentPlatformExample 2022-07-30T18:16:49Z logger.go:66:                               + enabled                  = (known after apply)
TestTerraformConfluentPlatformExample 2022-07-30T18:16:49Z logger.go:66:                               + ignoreTrustStoreConfig   = (known after apply)
TestTerraformConfluentPlatformExample 2022-07-30T18:16:49Z logger.go:66:                               + jksPassword              = {
TestTerraformConfluentPlatformExample 2022-07-30T18:16:49Z logger.go:66:                                   + secretRef = (known after apply)
TestTerraformConfluentPlatformExample 2022-07-30T18:16:49Z logger.go:66:                                 }
TestTerraformConfluentPlatformExample 2022-07-30T18:16:49Z logger.go:66:                               + secretRef                = (known after apply)
TestTerraformConfluentPlatformExample 2022-07-30T18:16:49Z logger.go:66:                             }
TestTerraformConfluentPlatformExample 2022-07-30T18:16:49Z logger.go:66:                         }
TestTerraformConfluentPlatformExample 2022-07-30T18:16:49Z logger.go:66:                       + publishMs = (known after apply)
TestTerraformConfluentPlatformExample 2022-07-30T18:16:49Z logger.go:66:                     }
TestTerraformConfluentPlatformExample 2022-07-30T18:16:49Z logger.go:66:                   + kafka          = {
TestTerraformConfluentPlatformExample 2022-07-30T18:16:49Z logger.go:66:                       + authentication    = {
TestTerraformConfluentPlatformExample 2022-07-30T18:16:49Z logger.go:66:                           + jaasConfig            = {
TestTerraformConfluentPlatformExample 2022-07-30T18:16:49Z logger.go:66:                               + secretRef = (known after apply)
TestTerraformConfluentPlatformExample 2022-07-30T18:16:49Z logger.go:66:                             }
TestTerraformConfluentPlatformExample 2022-07-30T18:16:49Z logger.go:66:                           + jaasConfigPassThrough = {
TestTerraformConfluentPlatformExample 2022-07-30T18:16:49Z logger.go:66:                               + directoryPathInContainer = (known after apply)
TestTerraformConfluentPlatformExample 2022-07-30T18:16:49Z logger.go:66:                               + secretRef                = (known after apply)
TestTerraformConfluentPlatformExample 2022-07-30T18:16:49Z logger.go:66:                             }
TestTerraformConfluentPlatformExample 2022-07-30T18:16:49Z logger.go:66:                           + oauthbearer           = {
TestTerraformConfluentPlatformExample 2022-07-30T18:16:49Z logger.go:66:                               + directoryPathInContainer = (known after apply)
TestTerraformConfluentPlatformExample 2022-07-30T18:16:49Z logger.go:66:                               + secretRef                = (known after apply)
TestTerraformConfluentPlatformExample 2022-07-30T18:16:49Z logger.go:66:                             }
TestTerraformConfluentPlatformExample 2022-07-30T18:16:49Z logger.go:66:                           + type                  = (known after apply)
TestTerraformConfluentPlatformExample 2022-07-30T18:16:49Z logger.go:66:                         }
TestTerraformConfluentPlatformExample 2022-07-30T18:16:49Z logger.go:66:                       + bootstrapEndpoint = (known after apply)
TestTerraformConfluentPlatformExample 2022-07-30T18:16:49Z logger.go:66:                       + discovery         = {
TestTerraformConfluentPlatformExample 2022-07-30T18:16:49Z logger.go:66:                           + name      = (known after apply)
TestTerraformConfluentPlatformExample 2022-07-30T18:16:49Z logger.go:66:                           + namespace = (known after apply)
TestTerraformConfluentPlatformExample 2022-07-30T18:16:49Z logger.go:66:                           + secretRef = (known after apply)
TestTerraformConfluentPlatformExample 2022-07-30T18:16:49Z logger.go:66:                         }
TestTerraformConfluentPlatformExample 2022-07-30T18:16:49Z logger.go:66:                       + tls               = {
TestTerraformConfluentPlatformExample 2022-07-30T18:16:49Z logger.go:66:                           + directoryPathInContainer = (known after apply)
TestTerraformConfluentPlatformExample 2022-07-30T18:16:49Z logger.go:66:                           + enabled                  = (known after apply)
TestTerraformConfluentPlatformExample 2022-07-30T18:16:49Z logger.go:66:                           + ignoreTrustStoreConfig   = (known after apply)
TestTerraformConfluentPlatformExample 2022-07-30T18:16:49Z logger.go:66:                           + jksPassword              = {
TestTerraformConfluentPlatformExample 2022-07-30T18:16:49Z logger.go:66:                               + secretRef = (known after apply)
TestTerraformConfluentPlatformExample 2022-07-30T18:16:49Z logger.go:66:                             }
TestTerraformConfluentPlatformExample 2022-07-30T18:16:49Z logger.go:66:                           + secretRef                = (known after apply)
TestTerraformConfluentPlatformExample 2022-07-30T18:16:49Z logger.go:66:                         }
TestTerraformConfluentPlatformExample 2022-07-30T18:16:49Z logger.go:66:                     }
TestTerraformConfluentPlatformExample 2022-07-30T18:16:49Z logger.go:66:                   + mds            = {
TestTerraformConfluentPlatformExample 2022-07-30T18:16:49Z logger.go:66:                       + authentication = {
TestTerraformConfluentPlatformExample 2022-07-30T18:16:49Z logger.go:66:                           + bearer = {
TestTerraformConfluentPlatformExample 2022-07-30T18:16:49Z logger.go:66:                               + directoryPathInContainer = (known after apply)
TestTerraformConfluentPlatformExample 2022-07-30T18:16:49Z logger.go:66:                               + secretRef                = (known after apply)
TestTerraformConfluentPlatformExample 2022-07-30T18:16:49Z logger.go:66:                             }
TestTerraformConfluentPlatformExample 2022-07-30T18:16:49Z logger.go:66:                           + type   = (known after apply)
TestTerraformConfluentPlatformExample 2022-07-30T18:16:49Z logger.go:66:                         }
TestTerraformConfluentPlatformExample 2022-07-30T18:16:49Z logger.go:66:                       + endpoint       = (known after apply)
TestTerraformConfluentPlatformExample 2022-07-30T18:16:49Z logger.go:66:                       + tls            = {
TestTerraformConfluentPlatformExample 2022-07-30T18:16:49Z logger.go:66:                           + directoryPathInContainer = (known after apply)
TestTerraformConfluentPlatformExample 2022-07-30T18:16:49Z logger.go:66:                           + enabled                  = (known after apply)
TestTerraformConfluentPlatformExample 2022-07-30T18:16:49Z logger.go:66:                           + ignoreTrustStoreConfig   = (known after apply)
TestTerraformConfluentPlatformExample 2022-07-30T18:16:49Z logger.go:66:                           + jksPassword              = {
TestTerraformConfluentPlatformExample 2022-07-30T18:16:49Z logger.go:66:                               + secretRef = (known after apply)
TestTerraformConfluentPlatformExample 2022-07-30T18:16:49Z logger.go:66:                             }
TestTerraformConfluentPlatformExample 2022-07-30T18:16:49Z logger.go:66:                           + secretRef                = (known after apply)
TestTerraformConfluentPlatformExample 2022-07-30T18:16:49Z logger.go:66:                         }
TestTerraformConfluentPlatformExample 2022-07-30T18:16:49Z logger.go:66:                       + tokenKeyPair   = {
TestTerraformConfluentPlatformExample 2022-07-30T18:16:49Z logger.go:66:                           + directoryPathInContainer = (known after apply)
TestTerraformConfluentPlatformExample 2022-07-30T18:16:49Z logger.go:66:                           + secretRef                = (known after apply)
TestTerraformConfluentPlatformExample 2022-07-30T18:16:49Z logger.go:66:                         }
TestTerraformConfluentPlatformExample 2022-07-30T18:16:49Z logger.go:66:                     }
TestTerraformConfluentPlatformExample 2022-07-30T18:16:49Z logger.go:66:                   + schemaRegistry = {
TestTerraformConfluentPlatformExample 2022-07-30T18:16:49Z logger.go:66:                       + authentication = {
TestTerraformConfluentPlatformExample 2022-07-30T18:16:49Z logger.go:66:                           + basic = {
TestTerraformConfluentPlatformExample 2022-07-30T18:16:49Z logger.go:66:                               + debug                    = (known after apply)
TestTerraformConfluentPlatformExample 2022-07-30T18:16:49Z logger.go:66:                               + directoryPathInContainer = (known after apply)
TestTerraformConfluentPlatformExample 2022-07-30T18:16:49Z logger.go:66:                               + restrictedRoles          = (known after apply)
TestTerraformConfluentPlatformExample 2022-07-30T18:16:49Z logger.go:66:                               + roles                    = (known after apply)
TestTerraformConfluentPlatformExample 2022-07-30T18:16:49Z logger.go:66:                               + secretRef                = (known after apply)
TestTerraformConfluentPlatformExample 2022-07-30T18:16:49Z logger.go:66:                             }
TestTerraformConfluentPlatformExample 2022-07-30T18:16:49Z logger.go:66:                           + type  = (known after apply)
TestTerraformConfluentPlatformExample 2022-07-30T18:16:49Z logger.go:66:                         }
TestTerraformConfluentPlatformExample 2022-07-30T18:16:49Z logger.go:66:                       + tls            = {
TestTerraformConfluentPlatformExample 2022-07-30T18:16:49Z logger.go:66:                           + directoryPathInContainer = (known after apply)
TestTerraformConfluentPlatformExample 2022-07-30T18:16:49Z logger.go:66:                           + enabled                  = (known after apply)
TestTerraformConfluentPlatformExample 2022-07-30T18:16:49Z logger.go:66:                           + ignoreTrustStoreConfig   = (known after apply)
TestTerraformConfluentPlatformExample 2022-07-30T18:16:49Z logger.go:66:                           + jksPassword              = {
TestTerraformConfluentPlatformExample 2022-07-30T18:16:49Z logger.go:66:                               + secretRef = (known after apply)
TestTerraformConfluentPlatformExample 2022-07-30T18:16:49Z logger.go:66:                             }
TestTerraformConfluentPlatformExample 2022-07-30T18:16:49Z logger.go:66:                           + secretRef                = (known after apply)
TestTerraformConfluentPlatformExample 2022-07-30T18:16:49Z logger.go:66:                         }
TestTerraformConfluentPlatformExample 2022-07-30T18:16:49Z logger.go:66:                       + url            = "http://schemaregistry.confluent.svc.cluster.local:8081"
TestTerraformConfluentPlatformExample 2022-07-30T18:16:49Z logger.go:66:                     }
TestTerraformConfluentPlatformExample 2022-07-30T18:16:49Z logger.go:66:                 }
TestTerraformConfluentPlatformExample 2022-07-30T18:16:49Z logger.go:66:               + externalAccess    = {
TestTerraformConfluentPlatformExample 2022-07-30T18:16:49Z logger.go:66:                   + loadBalancer = {
TestTerraformConfluentPlatformExample 2022-07-30T18:16:49Z logger.go:66:                       + advertisedURL            = {
TestTerraformConfluentPlatformExample 2022-07-30T18:16:49Z logger.go:66:                           + enabled = (known after apply)
TestTerraformConfluentPlatformExample 2022-07-30T18:16:49Z logger.go:66:                           + prefix  = (known after apply)
TestTerraformConfluentPlatformExample 2022-07-30T18:16:49Z logger.go:66:                         }
TestTerraformConfluentPlatformExample 2022-07-30T18:16:49Z logger.go:66:                       + annotations              = (known after apply)
TestTerraformConfluentPlatformExample 2022-07-30T18:16:49Z logger.go:66:                       + domain                   = (known after apply)
TestTerraformConfluentPlatformExample 2022-07-30T18:16:49Z logger.go:66:                       + externalTrafficPolicy    = (known after apply)
TestTerraformConfluentPlatformExample 2022-07-30T18:16:49Z logger.go:66:                       + labels                   = (known after apply)
TestTerraformConfluentPlatformExample 2022-07-30T18:16:49Z logger.go:66:                       + loadBalancerSourceRanges = (known after apply)
TestTerraformConfluentPlatformExample 2022-07-30T18:16:49Z logger.go:66:                       + port                     = (known after apply)
TestTerraformConfluentPlatformExample 2022-07-30T18:16:49Z logger.go:66:                       + prefix                   = (known after apply)
TestTerraformConfluentPlatformExample 2022-07-30T18:16:49Z logger.go:66:                       + servicePorts             = (known after apply)
TestTerraformConfluentPlatformExample 2022-07-30T18:16:49Z logger.go:66:                       + sessionAffinity          = (known after apply)
TestTerraformConfluentPlatformExample 2022-07-30T18:16:49Z logger.go:66:                       + sessionAffinityConfig    = {
TestTerraformConfluentPlatformExample 2022-07-30T18:16:49Z logger.go:66:                           + clientIP = {
TestTerraformConfluentPlatformExample 2022-07-30T18:16:49Z logger.go:66:                               + timeoutSeconds = (known after apply)
TestTerraformConfluentPlatformExample 2022-07-30T18:16:49Z logger.go:66:                             }
TestTerraformConfluentPlatformExample 2022-07-30T18:16:49Z logger.go:66:                         }
TestTerraformConfluentPlatformExample 2022-07-30T18:16:49Z logger.go:66:                     }
TestTerraformConfluentPlatformExample 2022-07-30T18:16:49Z logger.go:66:                   + nodePort     = {
TestTerraformConfluentPlatformExample 2022-07-30T18:16:49Z logger.go:66:                       + advertisedURL         = {
TestTerraformConfluentPlatformExample 2022-07-30T18:16:49Z logger.go:66:                           + enabled = (known after apply)
TestTerraformConfluentPlatformExample 2022-07-30T18:16:49Z logger.go:66:                           + prefix  = (known after apply)
TestTerraformConfluentPlatformExample 2022-07-30T18:16:49Z logger.go:66:                         }
TestTerraformConfluentPlatformExample 2022-07-30T18:16:49Z logger.go:66:                       + annotations           = (known after apply)
TestTerraformConfluentPlatformExample 2022-07-30T18:16:49Z logger.go:66:                       + externalTrafficPolicy = (known after apply)
TestTerraformConfluentPlatformExample 2022-07-30T18:16:49Z logger.go:66:                       + host                  = (known after apply)
TestTerraformConfluentPlatformExample 2022-07-30T18:16:49Z logger.go:66:                       + labels                = (known after apply)
TestTerraformConfluentPlatformExample 2022-07-30T18:16:49Z logger.go:66:                       + nodePortOffset        = (known after apply)
TestTerraformConfluentPlatformExample 2022-07-30T18:16:49Z logger.go:66:                       + servicePorts          = (known after apply)
TestTerraformConfluentPlatformExample 2022-07-30T18:16:49Z logger.go:66:                       + sessionAffinity       = (known after apply)
TestTerraformConfluentPlatformExample 2022-07-30T18:16:49Z logger.go:66:                       + sessionAffinityConfig = {
TestTerraformConfluentPlatformExample 2022-07-30T18:16:49Z logger.go:66:                           + clientIP = {
TestTerraformConfluentPlatformExample 2022-07-30T18:16:49Z logger.go:66:                               + timeoutSeconds = (known after apply)
TestTerraformConfluentPlatformExample 2022-07-30T18:16:49Z logger.go:66:                             }
TestTerraformConfluentPlatformExample 2022-07-30T18:16:49Z logger.go:66:                         }
TestTerraformConfluentPlatformExample 2022-07-30T18:16:49Z logger.go:66:                     }
TestTerraformConfluentPlatformExample 2022-07-30T18:16:49Z logger.go:66:                   + route        = {
TestTerraformConfluentPlatformExample 2022-07-30T18:16:49Z logger.go:66:                       + annotations    = (known after apply)
TestTerraformConfluentPlatformExample 2022-07-30T18:16:49Z logger.go:66:                       + domain         = (known after apply)
TestTerraformConfluentPlatformExample 2022-07-30T18:16:49Z logger.go:66:                       + labels         = (known after apply)
TestTerraformConfluentPlatformExample 2022-07-30T18:16:49Z logger.go:66:                       + prefix         = (known after apply)
TestTerraformConfluentPlatformExample 2022-07-30T18:16:49Z logger.go:66:                       + wildcardPolicy = (known after apply)
TestTerraformConfluentPlatformExample 2022-07-30T18:16:49Z logger.go:66:                     }
TestTerraformConfluentPlatformExample 2022-07-30T18:16:49Z logger.go:66:                   + type         = (known after apply)
TestTerraformConfluentPlatformExample 2022-07-30T18:16:49Z logger.go:66:                 }
TestTerraformConfluentPlatformExample 2022-07-30T18:16:49Z logger.go:66:               + headlessService   = {
TestTerraformConfluentPlatformExample 2022-07-30T18:16:49Z logger.go:66:                   + annotations              = (known after apply)
TestTerraformConfluentPlatformExample 2022-07-30T18:16:49Z logger.go:66:                   + labels                   = (known after apply)
TestTerraformConfluentPlatformExample 2022-07-30T18:16:49Z logger.go:66:                   + publishNotReadyAddresses = (known after apply)
TestTerraformConfluentPlatformExample 2022-07-30T18:16:49Z logger.go:66:                 }
TestTerraformConfluentPlatformExample 2022-07-30T18:16:49Z logger.go:66:               + image             = {
TestTerraformConfluentPlatformExample 2022-07-30T18:16:49Z logger.go:66:                   + application   = "confluentinc/cp-kafka-rest:7.2.0"
TestTerraformConfluentPlatformExample 2022-07-30T18:16:49Z logger.go:66:                   + init          = "confluentinc/confluent-init-container:2.4.0"
TestTerraformConfluentPlatformExample 2022-07-30T18:16:49Z logger.go:66:                   + pullPolicy    = (known after apply)
TestTerraformConfluentPlatformExample 2022-07-30T18:16:49Z logger.go:66:                   + pullSecretRef = (known after apply)
TestTerraformConfluentPlatformExample 2022-07-30T18:16:49Z logger.go:66:                 }
TestTerraformConfluentPlatformExample 2022-07-30T18:16:49Z logger.go:66:               + injectAnnotations = (known after apply)
TestTerraformConfluentPlatformExample 2022-07-30T18:16:49Z logger.go:66:               + injectLabels      = (known after apply)
TestTerraformConfluentPlatformExample 2022-07-30T18:16:49Z logger.go:66:               + k8sClusterDomain  = (known after apply)
TestTerraformConfluentPlatformExample 2022-07-30T18:16:49Z logger.go:66:               + license           = {
TestTerraformConfluentPlatformExample 2022-07-30T18:16:49Z logger.go:66:                   + directoryPathInContainer = (known after apply)
TestTerraformConfluentPlatformExample 2022-07-30T18:16:49Z logger.go:66:                   + globalLicense            = (known after apply)
TestTerraformConfluentPlatformExample 2022-07-30T18:16:49Z logger.go:66:                   + secretRef                = (known after apply)
TestTerraformConfluentPlatformExample 2022-07-30T18:16:49Z logger.go:66:                 }
TestTerraformConfluentPlatformExample 2022-07-30T18:16:49Z logger.go:66:               + metrics           = {
TestTerraformConfluentPlatformExample 2022-07-30T18:16:49Z logger.go:66:                   + authentication = {
TestTerraformConfluentPlatformExample 2022-07-30T18:16:49Z logger.go:66:                       + type = (known after apply)
TestTerraformConfluentPlatformExample 2022-07-30T18:16:49Z logger.go:66:                     }
TestTerraformConfluentPlatformExample 2022-07-30T18:16:49Z logger.go:66:                   + prometheus     = {
TestTerraformConfluentPlatformExample 2022-07-30T18:16:49Z logger.go:66:                       + blacklist = (known after apply)
TestTerraformConfluentPlatformExample 2022-07-30T18:16:49Z logger.go:66:                       + rules     = (known after apply)
TestTerraformConfluentPlatformExample 2022-07-30T18:16:49Z logger.go:66:                       + whitelist = (known after apply)
TestTerraformConfluentPlatformExample 2022-07-30T18:16:49Z logger.go:66:                     }
TestTerraformConfluentPlatformExample 2022-07-30T18:16:49Z logger.go:66:                   + tls            = {
TestTerraformConfluentPlatformExample 2022-07-30T18:16:49Z logger.go:66:                       + directoryPathInContainer = (known after apply)
TestTerraformConfluentPlatformExample 2022-07-30T18:16:49Z logger.go:66:                       + enabled                  = (known after apply)
TestTerraformConfluentPlatformExample 2022-07-30T18:16:49Z logger.go:66:                       + ignoreTrustStoreConfig   = (known after apply)
TestTerraformConfluentPlatformExample 2022-07-30T18:16:49Z logger.go:66:                       + jksPassword              = {
TestTerraformConfluentPlatformExample 2022-07-30T18:16:49Z logger.go:66:                           + secretRef = (known after apply)
TestTerraformConfluentPlatformExample 2022-07-30T18:16:49Z logger.go:66:                         }
TestTerraformConfluentPlatformExample 2022-07-30T18:16:49Z logger.go:66:                       + secretRef                = (known after apply)
TestTerraformConfluentPlatformExample 2022-07-30T18:16:49Z logger.go:66:                     }
TestTerraformConfluentPlatformExample 2022-07-30T18:16:49Z logger.go:66:                 }
TestTerraformConfluentPlatformExample 2022-07-30T18:16:49Z logger.go:66:               + mountedSecrets    = (known after apply)
TestTerraformConfluentPlatformExample 2022-07-30T18:16:49Z logger.go:66:               + mountedVolumes    = {
TestTerraformConfluentPlatformExample 2022-07-30T18:16:49Z logger.go:66:                   + volumeMounts = (known after apply)
TestTerraformConfluentPlatformExample 2022-07-30T18:16:49Z logger.go:66:                   + volumes      = (known after apply)
TestTerraformConfluentPlatformExample 2022-07-30T18:16:49Z logger.go:66:                 }
TestTerraformConfluentPlatformExample 2022-07-30T18:16:49Z logger.go:66:               + oneReplicaPerNode = (known after apply)
TestTerraformConfluentPlatformExample 2022-07-30T18:16:49Z logger.go:66:               + podTemplate       = {
TestTerraformConfluentPlatformExample 2022-07-30T18:16:49Z logger.go:66:                   + affinity                      = {
TestTerraformConfluentPlatformExample 2022-07-30T18:16:49Z logger.go:66:                       + nodeAffinity    = {
TestTerraformConfluentPlatformExample 2022-07-30T18:16:49Z logger.go:66:                           + preferredDuringSchedulingIgnoredDuringExecution = (known after apply)
TestTerraformConfluentPlatformExample 2022-07-30T18:16:49Z logger.go:66:                           + requiredDuringSchedulingIgnoredDuringExecution  = {
TestTerraformConfluentPlatformExample 2022-07-30T18:16:49Z logger.go:66:                               + nodeSelectorTerms = (known after apply)
TestTerraformConfluentPlatformExample 2022-07-30T18:16:49Z logger.go:66:                             }
TestTerraformConfluentPlatformExample 2022-07-30T18:16:49Z logger.go:66:                         }
TestTerraformConfluentPlatformExample 2022-07-30T18:16:49Z logger.go:66:                       + podAffinity     = {
TestTerraformConfluentPlatformExample 2022-07-30T18:16:49Z logger.go:66:                           + preferredDuringSchedulingIgnoredDuringExecution = (known after apply)
TestTerraformConfluentPlatformExample 2022-07-30T18:16:49Z logger.go:66:                           + requiredDuringSchedulingIgnoredDuringExecution  = (known after apply)
TestTerraformConfluentPlatformExample 2022-07-30T18:16:49Z logger.go:66:                         }
TestTerraformConfluentPlatformExample 2022-07-30T18:16:49Z logger.go:66:                       + podAntiAffinity = {
TestTerraformConfluentPlatformExample 2022-07-30T18:16:49Z logger.go:66:                           + preferredDuringSchedulingIgnoredDuringExecution = (known after apply)
TestTerraformConfluentPlatformExample 2022-07-30T18:16:49Z logger.go:66:                           + requiredDuringSchedulingIgnoredDuringExecution  = (known after apply)
TestTerraformConfluentPlatformExample 2022-07-30T18:16:49Z logger.go:66:                         }
TestTerraformConfluentPlatformExample 2022-07-30T18:16:49Z logger.go:66:                     }
TestTerraformConfluentPlatformExample 2022-07-30T18:16:49Z logger.go:66:                   + annotations                   = (known after apply)
TestTerraformConfluentPlatformExample 2022-07-30T18:16:49Z logger.go:66:                   + envVars                       = (known after apply)
TestTerraformConfluentPlatformExample 2022-07-30T18:16:49Z logger.go:66:                   + labels                        = (known after apply)
TestTerraformConfluentPlatformExample 2022-07-30T18:16:49Z logger.go:66:                   + podSecurityContext            = {
TestTerraformConfluentPlatformExample 2022-07-30T18:16:49Z logger.go:66:                       + fsGroup             = (known after apply)
TestTerraformConfluentPlatformExample 2022-07-30T18:16:49Z logger.go:66:                       + fsGroupChangePolicy = (known after apply)
TestTerraformConfluentPlatformExample 2022-07-30T18:16:49Z logger.go:66:                       + runAsGroup          = (known after apply)
TestTerraformConfluentPlatformExample 2022-07-30T18:16:49Z logger.go:66:                       + runAsNonRoot        = (known after apply)
TestTerraformConfluentPlatformExample 2022-07-30T18:16:49Z logger.go:66:                       + runAsUser           = (known after apply)
TestTerraformConfluentPlatformExample 2022-07-30T18:16:49Z logger.go:66:                       + seLinuxOptions      = {
TestTerraformConfluentPlatformExample 2022-07-30T18:16:49Z logger.go:66:                           + level = (known after apply)
TestTerraformConfluentPlatformExample 2022-07-30T18:16:49Z logger.go:66:                           + role  = (known after apply)
TestTerraformConfluentPlatformExample 2022-07-30T18:16:49Z logger.go:66:                           + type  = (known after apply)
TestTerraformConfluentPlatformExample 2022-07-30T18:16:49Z logger.go:66:                           + user  = (known after apply)
TestTerraformConfluentPlatformExample 2022-07-30T18:16:49Z logger.go:66:                         }
TestTerraformConfluentPlatformExample 2022-07-30T18:16:49Z logger.go:66:                       + seccompProfile      = {
TestTerraformConfluentPlatformExample 2022-07-30T18:16:49Z logger.go:66:                           + localhostProfile = (known after apply)
TestTerraformConfluentPlatformExample 2022-07-30T18:16:49Z logger.go:66:                           + type             = (known after apply)
TestTerraformConfluentPlatformExample 2022-07-30T18:16:49Z logger.go:66:                         }
TestTerraformConfluentPlatformExample 2022-07-30T18:16:49Z logger.go:66:                       + supplementalGroups  = (known after apply)
TestTerraformConfluentPlatformExample 2022-07-30T18:16:49Z logger.go:66:                       + sysctls             = (known after apply)
TestTerraformConfluentPlatformExample 2022-07-30T18:16:49Z logger.go:66:                       + windowsOptions      = {
TestTerraformConfluentPlatformExample 2022-07-30T18:16:49Z logger.go:66:                           + gmsaCredentialSpec     = (known after apply)
TestTerraformConfluentPlatformExample 2022-07-30T18:16:49Z logger.go:66:                           + gmsaCredentialSpecName = (known after apply)
TestTerraformConfluentPlatformExample 2022-07-30T18:16:49Z logger.go:66:                           + hostProcess            = (known after apply)
TestTerraformConfluentPlatformExample 2022-07-30T18:16:49Z logger.go:66:                           + runAsUserName          = (known after apply)
TestTerraformConfluentPlatformExample 2022-07-30T18:16:49Z logger.go:66:                         }
TestTerraformConfluentPlatformExample 2022-07-30T18:16:49Z logger.go:66:                     }
TestTerraformConfluentPlatformExample 2022-07-30T18:16:49Z logger.go:66:                   + priorityClassName             = (known after apply)
TestTerraformConfluentPlatformExample 2022-07-30T18:16:49Z logger.go:66:                   + probe                         = {
TestTerraformConfluentPlatformExample 2022-07-30T18:16:49Z logger.go:66:                       + liveness  = {
TestTerraformConfluentPlatformExample 2022-07-30T18:16:49Z logger.go:66:                           + failureThreshold    = (known after apply)
TestTerraformConfluentPlatformExample 2022-07-30T18:16:49Z logger.go:66:                           + initialDelaySeconds = (known after apply)
TestTerraformConfluentPlatformExample 2022-07-30T18:16:49Z logger.go:66:                           + periodSeconds       = (known after apply)
TestTerraformConfluentPlatformExample 2022-07-30T18:16:49Z logger.go:66:                           + successThreshold    = (known after apply)
TestTerraformConfluentPlatformExample 2022-07-30T18:16:49Z logger.go:66:                           + timeoutSeconds      = (known after apply)
TestTerraformConfluentPlatformExample 2022-07-30T18:16:49Z logger.go:66:                         }
TestTerraformConfluentPlatformExample 2022-07-30T18:16:49Z logger.go:66:                       + readiness = {
TestTerraformConfluentPlatformExample 2022-07-30T18:16:49Z logger.go:66:                           + failureThreshold    = (known after apply)
TestTerraformConfluentPlatformExample 2022-07-30T18:16:49Z logger.go:66:                           + initialDelaySeconds = (known after apply)
TestTerraformConfluentPlatformExample 2022-07-30T18:16:49Z logger.go:66:                           + periodSeconds       = (known after apply)
TestTerraformConfluentPlatformExample 2022-07-30T18:16:49Z logger.go:66:                           + successThreshold    = (known after apply)
TestTerraformConfluentPlatformExample 2022-07-30T18:16:49Z logger.go:66:                           + timeoutSeconds      = (known after apply)
TestTerraformConfluentPlatformExample 2022-07-30T18:16:49Z logger.go:66:                         }
TestTerraformConfluentPlatformExample 2022-07-30T18:16:49Z logger.go:66:                     }
TestTerraformConfluentPlatformExample 2022-07-30T18:16:49Z logger.go:66:                   + resources                     = {
TestTerraformConfluentPlatformExample 2022-07-30T18:16:49Z logger.go:66:                       + limits   = (known after apply)
TestTerraformConfluentPlatformExample 2022-07-30T18:16:49Z logger.go:66:                       + requests = (known after apply)
TestTerraformConfluentPlatformExample 2022-07-30T18:16:49Z logger.go:66:                     }
TestTerraformConfluentPlatformExample 2022-07-30T18:16:49Z logger.go:66:                   + securityContext               = {
TestTerraformConfluentPlatformExample 2022-07-30T18:16:49Z logger.go:66:                       + allowPrivilegeEscalation = (known after apply)
TestTerraformConfluentPlatformExample 2022-07-30T18:16:49Z logger.go:66:                       + capabilities             = {
TestTerraformConfluentPlatformExample 2022-07-30T18:16:49Z logger.go:66:                           + add  = (known after apply)
TestTerraformConfluentPlatformExample 2022-07-30T18:16:49Z logger.go:66:                           + drop = (known after apply)
TestTerraformConfluentPlatformExample 2022-07-30T18:16:49Z logger.go:66:                         }
TestTerraformConfluentPlatformExample 2022-07-30T18:16:49Z logger.go:66:                       + privileged               = (known after apply)
TestTerraformConfluentPlatformExample 2022-07-30T18:16:49Z logger.go:66:                       + procMount                = (known after apply)
TestTerraformConfluentPlatformExample 2022-07-30T18:16:49Z logger.go:66:                       + readOnlyRootFilesystem   = (known after apply)
TestTerraformConfluentPlatformExample 2022-07-30T18:16:49Z logger.go:66:                       + runAsGroup               = (known after apply)
TestTerraformConfluentPlatformExample 2022-07-30T18:16:49Z logger.go:66:                       + runAsNonRoot             = (known after apply)
TestTerraformConfluentPlatformExample 2022-07-30T18:16:49Z logger.go:66:                       + runAsUser                = (known after apply)
TestTerraformConfluentPlatformExample 2022-07-30T18:16:49Z logger.go:66:                       + seLinuxOptions           = {
TestTerraformConfluentPlatformExample 2022-07-30T18:16:49Z logger.go:66:                           + level = (known after apply)
TestTerraformConfluentPlatformExample 2022-07-30T18:16:49Z logger.go:66:                           + role  = (known after apply)
TestTerraformConfluentPlatformExample 2022-07-30T18:16:49Z logger.go:66:                           + type  = (known after apply)
TestTerraformConfluentPlatformExample 2022-07-30T18:16:49Z logger.go:66:                           + user  = (known after apply)
TestTerraformConfluentPlatformExample 2022-07-30T18:16:49Z logger.go:66:                         }
TestTerraformConfluentPlatformExample 2022-07-30T18:16:49Z logger.go:66:                       + seccompProfile           = {
TestTerraformConfluentPlatformExample 2022-07-30T18:16:49Z logger.go:66:                           + localhostProfile = (known after apply)
TestTerraformConfluentPlatformExample 2022-07-30T18:16:49Z logger.go:66:                           + type             = (known after apply)
TestTerraformConfluentPlatformExample 2022-07-30T18:16:49Z logger.go:66:                         }
TestTerraformConfluentPlatformExample 2022-07-30T18:16:49Z logger.go:66:                       + windowsOptions           = {
TestTerraformConfluentPlatformExample 2022-07-30T18:16:49Z logger.go:66:                           + gmsaCredentialSpec     = (known after apply)
TestTerraformConfluentPlatformExample 2022-07-30T18:16:49Z logger.go:66:                           + gmsaCredentialSpecName = (known after apply)
TestTerraformConfluentPlatformExample 2022-07-30T18:16:49Z logger.go:66:                           + hostProcess            = (known after apply)
TestTerraformConfluentPlatformExample 2022-07-30T18:16:49Z logger.go:66:                           + runAsUserName          = (known after apply)
TestTerraformConfluentPlatformExample 2022-07-30T18:16:49Z logger.go:66:                         }
TestTerraformConfluentPlatformExample 2022-07-30T18:16:49Z logger.go:66:                     }
TestTerraformConfluentPlatformExample 2022-07-30T18:16:49Z logger.go:66:                   + serviceAccountName            = (known after apply)
TestTerraformConfluentPlatformExample 2022-07-30T18:16:49Z logger.go:66:                   + terminationGracePeriodSeconds = (known after apply)
TestTerraformConfluentPlatformExample 2022-07-30T18:16:49Z logger.go:66:                   + tolerations                   = (known after apply)
TestTerraformConfluentPlatformExample 2022-07-30T18:16:49Z logger.go:66:                   + topologySpreadConstraints     = (known after apply)
TestTerraformConfluentPlatformExample 2022-07-30T18:16:49Z logger.go:66:                 }
TestTerraformConfluentPlatformExample 2022-07-30T18:16:49Z logger.go:66:               + replicas          = 1
TestTerraformConfluentPlatformExample 2022-07-30T18:16:49Z logger.go:66:               + telemetry         = {
TestTerraformConfluentPlatformExample 2022-07-30T18:16:49Z logger.go:66:                   + global = (known after apply)
TestTerraformConfluentPlatformExample 2022-07-30T18:16:49Z logger.go:66:                 }
TestTerraformConfluentPlatformExample 2022-07-30T18:16:49Z logger.go:66:               + tls               = {
TestTerraformConfluentPlatformExample 2022-07-30T18:16:49Z logger.go:66:                   + autoGeneratedCerts       = (known after apply)
TestTerraformConfluentPlatformExample 2022-07-30T18:16:49Z logger.go:66:                   + directoryPathInContainer = (known after apply)
TestTerraformConfluentPlatformExample 2022-07-30T18:16:49Z logger.go:66:                   + ignoreTrustStoreConfig   = (known after apply)
TestTerraformConfluentPlatformExample 2022-07-30T18:16:49Z logger.go:66:                   + jksPassword              = {
TestTerraformConfluentPlatformExample 2022-07-30T18:16:49Z logger.go:66:                       + secretRef = (known after apply)
TestTerraformConfluentPlatformExample 2022-07-30T18:16:49Z logger.go:66:                     }
TestTerraformConfluentPlatformExample 2022-07-30T18:16:49Z logger.go:66:                   + secretRef                = (known after apply)
TestTerraformConfluentPlatformExample 2022-07-30T18:16:49Z logger.go:66:                 }
TestTerraformConfluentPlatformExample 2022-07-30T18:16:49Z logger.go:66:             }
TestTerraformConfluentPlatformExample 2022-07-30T18:16:49Z logger.go:66:         }
TestTerraformConfluentPlatformExample 2022-07-30T18:16:49Z logger.go:66:
TestTerraformConfluentPlatformExample 2022-07-30T18:16:49Z logger.go:66:       + timeouts {
TestTerraformConfluentPlatformExample 2022-07-30T18:16:49Z logger.go:66:           + create = "1h"
TestTerraformConfluentPlatformExample 2022-07-30T18:16:49Z logger.go:66:           + delete = "10m"
TestTerraformConfluentPlatformExample 2022-07-30T18:16:49Z logger.go:66:           + update = "1h"
TestTerraformConfluentPlatformExample 2022-07-30T18:16:49Z logger.go:66:         }
TestTerraformConfluentPlatformExample 2022-07-30T18:16:49Z logger.go:66:
TestTerraformConfluentPlatformExample 2022-07-30T18:16:49Z logger.go:66:       + wait {
TestTerraformConfluentPlatformExample 2022-07-30T18:16:49Z logger.go:66:           + fields = {
TestTerraformConfluentPlatformExample 2022-07-30T18:16:49Z logger.go:66:               + "status.phase" = "RUNNING"
TestTerraformConfluentPlatformExample 2022-07-30T18:16:49Z logger.go:66:             }
TestTerraformConfluentPlatformExample 2022-07-30T18:16:49Z logger.go:66:         }
TestTerraformConfluentPlatformExample 2022-07-30T18:16:49Z logger.go:66:     }
TestTerraformConfluentPlatformExample 2022-07-30T18:16:49Z logger.go:66:
TestTerraformConfluentPlatformExample 2022-07-30T18:16:49Z logger.go:66:   # module.confluent_platform.kubernetes_manifest.component["ksqldb"] will be created
TestTerraformConfluentPlatformExample 2022-07-30T18:16:49Z logger.go:66:   + resource "kubernetes_manifest" "component" {
TestTerraformConfluentPlatformExample 2022-07-30T18:16:49Z logger.go:66:       + computed_fields = [
TestTerraformConfluentPlatformExample 2022-07-30T18:16:49Z logger.go:66:           + "metadata.finalizers",
TestTerraformConfluentPlatformExample 2022-07-30T18:16:49Z logger.go:66:         ]
TestTerraformConfluentPlatformExample 2022-07-30T18:16:49Z logger.go:66:       + manifest        = {
TestTerraformConfluentPlatformExample 2022-07-30T18:16:49Z logger.go:66:           + apiVersion = "platform.confluent.io/v1beta1"
TestTerraformConfluentPlatformExample 2022-07-30T18:16:49Z logger.go:66:           + kind       = "KsqlDB"
TestTerraformConfluentPlatformExample 2022-07-30T18:16:49Z logger.go:66:           + metadata   = {
TestTerraformConfluentPlatformExample 2022-07-30T18:16:49Z logger.go:66:               + name      = "ksqldb"
TestTerraformConfluentPlatformExample 2022-07-30T18:16:49Z logger.go:66:               + namespace = "confluent"
TestTerraformConfluentPlatformExample 2022-07-30T18:16:49Z logger.go:66:             }
TestTerraformConfluentPlatformExample 2022-07-30T18:16:49Z logger.go:66:           + spec       = {
TestTerraformConfluentPlatformExample 2022-07-30T18:16:49Z logger.go:66:               + dataVolumeCapacity = "10Gi"
TestTerraformConfluentPlatformExample 2022-07-30T18:16:49Z logger.go:66:               + image              = {
TestTerraformConfluentPlatformExample 2022-07-30T18:16:49Z logger.go:66:                   + application = "confluentinc/cp-ksqldb-server:7.2.0"
TestTerraformConfluentPlatformExample 2022-07-30T18:16:49Z logger.go:66:                   + init        = "confluentinc/confluent-init-container:2.4.0"
TestTerraformConfluentPlatformExample 2022-07-30T18:16:49Z logger.go:66:                 }
TestTerraformConfluentPlatformExample 2022-07-30T18:16:49Z logger.go:66:               + replicas           = 1
TestTerraformConfluentPlatformExample 2022-07-30T18:16:49Z logger.go:66:             }
TestTerraformConfluentPlatformExample 2022-07-30T18:16:49Z logger.go:66:         }
TestTerraformConfluentPlatformExample 2022-07-30T18:16:49Z logger.go:66:       + object          = {
TestTerraformConfluentPlatformExample 2022-07-30T18:16:49Z logger.go:66:           + apiVersion = "platform.confluent.io/v1beta1"
TestTerraformConfluentPlatformExample 2022-07-30T18:16:49Z logger.go:66:           + kind       = "KsqlDB"
TestTerraformConfluentPlatformExample 2022-07-30T18:16:49Z logger.go:66:           + metadata   = {
TestTerraformConfluentPlatformExample 2022-07-30T18:16:49Z logger.go:66:               + annotations                = (known after apply)
TestTerraformConfluentPlatformExample 2022-07-30T18:16:49Z logger.go:66:               + clusterName                = (known after apply)
TestTerraformConfluentPlatformExample 2022-07-30T18:16:49Z logger.go:66:               + creationTimestamp          = (known after apply)
TestTerraformConfluentPlatformExample 2022-07-30T18:16:49Z logger.go:66:               + deletionGracePeriodSeconds = (known after apply)
TestTerraformConfluentPlatformExample 2022-07-30T18:16:49Z logger.go:66:               + deletionTimestamp          = (known after apply)
TestTerraformConfluentPlatformExample 2022-07-30T18:16:49Z logger.go:66:               + finalizers                 = (known after apply)
TestTerraformConfluentPlatformExample 2022-07-30T18:16:49Z logger.go:66:               + generateName               = (known after apply)
TestTerraformConfluentPlatformExample 2022-07-30T18:16:49Z logger.go:66:               + generation                 = (known after apply)
TestTerraformConfluentPlatformExample 2022-07-30T18:16:49Z logger.go:66:               + labels                     = (known after apply)
TestTerraformConfluentPlatformExample 2022-07-30T18:16:49Z logger.go:66:               + managedFields              = (known after apply)
TestTerraformConfluentPlatformExample 2022-07-30T18:16:49Z logger.go:66:               + name                       = "ksqldb"
TestTerraformConfluentPlatformExample 2022-07-30T18:16:49Z logger.go:66:               + namespace                  = "confluent"
TestTerraformConfluentPlatformExample 2022-07-30T18:16:49Z logger.go:66:               + ownerReferences            = (known after apply)
TestTerraformConfluentPlatformExample 2022-07-30T18:16:49Z logger.go:66:               + resourceVersion            = (known after apply)
TestTerraformConfluentPlatformExample 2022-07-30T18:16:49Z logger.go:66:               + selfLink                   = (known after apply)
TestTerraformConfluentPlatformExample 2022-07-30T18:16:49Z logger.go:66:               + uid                        = (known after apply)
TestTerraformConfluentPlatformExample 2022-07-30T18:16:49Z logger.go:66:             }
TestTerraformConfluentPlatformExample 2022-07-30T18:16:49Z logger.go:66:           + spec       = {
TestTerraformConfluentPlatformExample 2022-07-30T18:16:49Z logger.go:66:               + authentication                 = {
TestTerraformConfluentPlatformExample 2022-07-30T18:16:49Z logger.go:66:                   + basic = {
TestTerraformConfluentPlatformExample 2022-07-30T18:16:49Z logger.go:66:                       + debug                    = (known after apply)
TestTerraformConfluentPlatformExample 2022-07-30T18:16:49Z logger.go:66:                       + directoryPathInContainer = (known after apply)
TestTerraformConfluentPlatformExample 2022-07-30T18:16:49Z logger.go:66:                       + restrictedRoles          = (known after apply)
TestTerraformConfluentPlatformExample 2022-07-30T18:16:49Z logger.go:66:                       + roles                    = (known after apply)
TestTerraformConfluentPlatformExample 2022-07-30T18:16:49Z logger.go:66:                       + secretRef                = (known after apply)
TestTerraformConfluentPlatformExample 2022-07-30T18:16:49Z logger.go:66:                     }
TestTerraformConfluentPlatformExample 2022-07-30T18:16:49Z logger.go:66:                   + type  = (known after apply)
TestTerraformConfluentPlatformExample 2022-07-30T18:16:49Z logger.go:66:                 }
TestTerraformConfluentPlatformExample 2022-07-30T18:16:49Z logger.go:66:               + authorization                  = {
TestTerraformConfluentPlatformExample 2022-07-30T18:16:49Z logger.go:66:                   + kafkaRestClassRef = {
TestTerraformConfluentPlatformExample 2022-07-30T18:16:49Z logger.go:66:                       + name      = (known after apply)
TestTerraformConfluentPlatformExample 2022-07-30T18:16:49Z logger.go:66:                       + namespace = (known after apply)
TestTerraformConfluentPlatformExample 2022-07-30T18:16:49Z logger.go:66:                     }
TestTerraformConfluentPlatformExample 2022-07-30T18:16:49Z logger.go:66:                   + type              = (known after apply)
TestTerraformConfluentPlatformExample 2022-07-30T18:16:49Z logger.go:66:                 }
TestTerraformConfluentPlatformExample 2022-07-30T18:16:49Z logger.go:66:               + configOverrides                = {
TestTerraformConfluentPlatformExample 2022-07-30T18:16:49Z logger.go:66:                   + jvm    = (known after apply)
TestTerraformConfluentPlatformExample 2022-07-30T18:16:49Z logger.go:66:                   + log4j  = (known after apply)
TestTerraformConfluentPlatformExample 2022-07-30T18:16:49Z logger.go:66:                   + server = (known after apply)
TestTerraformConfluentPlatformExample 2022-07-30T18:16:49Z logger.go:66:                 }
TestTerraformConfluentPlatformExample 2022-07-30T18:16:49Z logger.go:66:               + dataVolumeCapacity             = "10Gi"
TestTerraformConfluentPlatformExample 2022-07-30T18:16:49Z logger.go:66:               + dependencies                   = {
TestTerraformConfluentPlatformExample 2022-07-30T18:16:49Z logger.go:66:                   + interceptor    = {
TestTerraformConfluentPlatformExample 2022-07-30T18:16:49Z logger.go:66:                       + configs   = (known after apply)
TestTerraformConfluentPlatformExample 2022-07-30T18:16:49Z logger.go:66:                       + consumer  = {
TestTerraformConfluentPlatformExample 2022-07-30T18:16:49Z logger.go:66:                           + authentication    = {
TestTerraformConfluentPlatformExample 2022-07-30T18:16:49Z logger.go:66:                               + jaasConfig            = {
TestTerraformConfluentPlatformExample 2022-07-30T18:16:49Z logger.go:66:                                   + secretRef = (known after apply)
TestTerraformConfluentPlatformExample 2022-07-30T18:16:49Z logger.go:66:                                 }
TestTerraformConfluentPlatformExample 2022-07-30T18:16:49Z logger.go:66:                               + jaasConfigPassThrough = {
TestTerraformConfluentPlatformExample 2022-07-30T18:16:49Z logger.go:66:                                   + directoryPathInContainer = (known after apply)
TestTerraformConfluentPlatformExample 2022-07-30T18:16:49Z logger.go:66:                                   + secretRef                = (known after apply)
TestTerraformConfluentPlatformExample 2022-07-30T18:16:49Z logger.go:66:                                 }
TestTerraformConfluentPlatformExample 2022-07-30T18:16:49Z logger.go:66:                               + oauthbearer           = {
TestTerraformConfluentPlatformExample 2022-07-30T18:16:49Z logger.go:66:                                   + directoryPathInContainer = (known after apply)
TestTerraformConfluentPlatformExample 2022-07-30T18:16:49Z logger.go:66:                                   + secretRef                = (known after apply)
TestTerraformConfluentPlatformExample 2022-07-30T18:16:49Z logger.go:66:                                 }
TestTerraformConfluentPlatformExample 2022-07-30T18:16:49Z logger.go:66:                               + type                  = (known after apply)
TestTerraformConfluentPlatformExample 2022-07-30T18:16:49Z logger.go:66:                             }
TestTerraformConfluentPlatformExample 2022-07-30T18:16:49Z logger.go:66:                           + bootstrapEndpoint = (known after apply)
TestTerraformConfluentPlatformExample 2022-07-30T18:16:49Z logger.go:66:                           + discovery         = {
TestTerraformConfluentPlatformExample 2022-07-30T18:16:49Z logger.go:66:                               + name      = (known after apply)
TestTerraformConfluentPlatformExample 2022-07-30T18:16:49Z logger.go:66:                               + namespace = (known after apply)
TestTerraformConfluentPlatformExample 2022-07-30T18:16:49Z logger.go:66:                               + secretRef = (known after apply)
TestTerraformConfluentPlatformExample 2022-07-30T18:16:49Z logger.go:66:                             }
TestTerraformConfluentPlatformExample 2022-07-30T18:16:49Z logger.go:66:                           + tls               = {
TestTerraformConfluentPlatformExample 2022-07-30T18:16:49Z logger.go:66:                               + directoryPathInContainer = (known after apply)
TestTerraformConfluentPlatformExample 2022-07-30T18:16:49Z logger.go:66:                               + enabled                  = (known after apply)
TestTerraformConfluentPlatformExample 2022-07-30T18:16:49Z logger.go:66:                               + ignoreTrustStoreConfig   = (known after apply)
TestTerraformConfluentPlatformExample 2022-07-30T18:16:49Z logger.go:66:                               + jksPassword              = {
TestTerraformConfluentPlatformExample 2022-07-30T18:16:49Z logger.go:66:                                   + secretRef = (known after apply)
TestTerraformConfluentPlatformExample 2022-07-30T18:16:49Z logger.go:66:                                 }
TestTerraformConfluentPlatformExample 2022-07-30T18:16:49Z logger.go:66:                               + secretRef                = (known after apply)
TestTerraformConfluentPlatformExample 2022-07-30T18:16:49Z logger.go:66:                             }
TestTerraformConfluentPlatformExample 2022-07-30T18:16:49Z logger.go:66:                         }
TestTerraformConfluentPlatformExample 2022-07-30T18:16:49Z logger.go:66:                       + enabled   = (known after apply)
TestTerraformConfluentPlatformExample 2022-07-30T18:16:49Z logger.go:66:                       + producer  = {
TestTerraformConfluentPlatformExample 2022-07-30T18:16:49Z logger.go:66:                           + authentication    = {
TestTerraformConfluentPlatformExample 2022-07-30T18:16:49Z logger.go:66:                               + jaasConfig            = {
TestTerraformConfluentPlatformExample 2022-07-30T18:16:49Z logger.go:66:                                   + secretRef = (known after apply)
TestTerraformConfluentPlatformExample 2022-07-30T18:16:49Z logger.go:66:                                 }
TestTerraformConfluentPlatformExample 2022-07-30T18:16:49Z logger.go:66:                               + jaasConfigPassThrough = {
TestTerraformConfluentPlatformExample 2022-07-30T18:16:49Z logger.go:66:                                   + directoryPathInContainer = (known after apply)
TestTerraformConfluentPlatformExample 2022-07-30T18:16:49Z logger.go:66:                                   + secretRef                = (known after apply)
TestTerraformConfluentPlatformExample 2022-07-30T18:16:49Z logger.go:66:                                 }
TestTerraformConfluentPlatformExample 2022-07-30T18:16:49Z logger.go:66:                               + oauthbearer           = {
TestTerraformConfluentPlatformExample 2022-07-30T18:16:49Z logger.go:66:                                   + directoryPathInContainer = (known after apply)
TestTerraformConfluentPlatformExample 2022-07-30T18:16:49Z logger.go:66:                                   + secretRef                = (known after apply)
TestTerraformConfluentPlatformExample 2022-07-30T18:16:49Z logger.go:66:                                 }
TestTerraformConfluentPlatformExample 2022-07-30T18:16:49Z logger.go:66:                               + type                  = (known after apply)
TestTerraformConfluentPlatformExample 2022-07-30T18:16:49Z logger.go:66:                             }
TestTerraformConfluentPlatformExample 2022-07-30T18:16:49Z logger.go:66:                           + bootstrapEndpoint = (known after apply)
TestTerraformConfluentPlatformExample 2022-07-30T18:16:49Z logger.go:66:                           + discovery         = {
TestTerraformConfluentPlatformExample 2022-07-30T18:16:49Z logger.go:66:                               + name      = (known after apply)
TestTerraformConfluentPlatformExample 2022-07-30T18:16:49Z logger.go:66:                               + namespace = (known after apply)
TestTerraformConfluentPlatformExample 2022-07-30T18:16:49Z logger.go:66:                               + secretRef = (known after apply)
TestTerraformConfluentPlatformExample 2022-07-30T18:16:49Z logger.go:66:                             }
TestTerraformConfluentPlatformExample 2022-07-30T18:16:49Z logger.go:66:                           + tls               = {
TestTerraformConfluentPlatformExample 2022-07-30T18:16:49Z logger.go:66:                               + directoryPathInContainer = (known after apply)
TestTerraformConfluentPlatformExample 2022-07-30T18:16:49Z logger.go:66:                               + enabled                  = (known after apply)
TestTerraformConfluentPlatformExample 2022-07-30T18:16:49Z logger.go:66:                               + ignoreTrustStoreConfig   = (known after apply)
TestTerraformConfluentPlatformExample 2022-07-30T18:16:49Z logger.go:66:                               + jksPassword              = {
TestTerraformConfluentPlatformExample 2022-07-30T18:16:49Z logger.go:66:                                   + secretRef = (known after apply)
TestTerraformConfluentPlatformExample 2022-07-30T18:16:49Z logger.go:66:                                 }
TestTerraformConfluentPlatformExample 2022-07-30T18:16:49Z logger.go:66:                               + secretRef                = (known after apply)
TestTerraformConfluentPlatformExample 2022-07-30T18:16:49Z logger.go:66:                             }
TestTerraformConfluentPlatformExample 2022-07-30T18:16:49Z logger.go:66:                         }
TestTerraformConfluentPlatformExample 2022-07-30T18:16:49Z logger.go:66:                       + publishMs = (known after apply)
TestTerraformConfluentPlatformExample 2022-07-30T18:16:49Z logger.go:66:                     }
TestTerraformConfluentPlatformExample 2022-07-30T18:16:49Z logger.go:66:                   + kafka          = {
TestTerraformConfluentPlatformExample 2022-07-30T18:16:49Z logger.go:66:                       + authentication    = {
TestTerraformConfluentPlatformExample 2022-07-30T18:16:49Z logger.go:66:                           + jaasConfig            = {
TestTerraformConfluentPlatformExample 2022-07-30T18:16:49Z logger.go:66:                               + secretRef = (known after apply)
TestTerraformConfluentPlatformExample 2022-07-30T18:16:49Z logger.go:66:                             }
TestTerraformConfluentPlatformExample 2022-07-30T18:16:49Z logger.go:66:                           + jaasConfigPassThrough = {
TestTerraformConfluentPlatformExample 2022-07-30T18:16:49Z logger.go:66:                               + directoryPathInContainer = (known after apply)
TestTerraformConfluentPlatformExample 2022-07-30T18:16:49Z logger.go:66:                               + secretRef                = (known after apply)
TestTerraformConfluentPlatformExample 2022-07-30T18:16:49Z logger.go:66:                             }
TestTerraformConfluentPlatformExample 2022-07-30T18:16:49Z logger.go:66:                           + oauthbearer           = {
TestTerraformConfluentPlatformExample 2022-07-30T18:16:49Z logger.go:66:                               + directoryPathInContainer = (known after apply)
TestTerraformConfluentPlatformExample 2022-07-30T18:16:49Z logger.go:66:                               + secretRef                = (known after apply)
TestTerraformConfluentPlatformExample 2022-07-30T18:16:49Z logger.go:66:                             }
TestTerraformConfluentPlatformExample 2022-07-30T18:16:49Z logger.go:66:                           + type                  = (known after apply)
TestTerraformConfluentPlatformExample 2022-07-30T18:16:49Z logger.go:66:                         }
TestTerraformConfluentPlatformExample 2022-07-30T18:16:49Z logger.go:66:                       + bootstrapEndpoint = (known after apply)
TestTerraformConfluentPlatformExample 2022-07-30T18:16:49Z logger.go:66:                       + discovery         = {
TestTerraformConfluentPlatformExample 2022-07-30T18:16:49Z logger.go:66:                           + name      = (known after apply)
TestTerraformConfluentPlatformExample 2022-07-30T18:16:49Z logger.go:66:                           + namespace = (known after apply)
TestTerraformConfluentPlatformExample 2022-07-30T18:16:49Z logger.go:66:                           + secretRef = (known after apply)
TestTerraformConfluentPlatformExample 2022-07-30T18:16:49Z logger.go:66:                         }
TestTerraformConfluentPlatformExample 2022-07-30T18:16:49Z logger.go:66:                       + tls               = {
TestTerraformConfluentPlatformExample 2022-07-30T18:16:49Z logger.go:66:                           + directoryPathInContainer = (known after apply)
TestTerraformConfluentPlatformExample 2022-07-30T18:16:49Z logger.go:66:                           + enabled                  = (known after apply)
TestTerraformConfluentPlatformExample 2022-07-30T18:16:49Z logger.go:66:                           + ignoreTrustStoreConfig   = (known after apply)
TestTerraformConfluentPlatformExample 2022-07-30T18:16:49Z logger.go:66:                           + jksPassword              = {
TestTerraformConfluentPlatformExample 2022-07-30T18:16:49Z logger.go:66:                               + secretRef = (known after apply)
TestTerraformConfluentPlatformExample 2022-07-30T18:16:49Z logger.go:66:                             }
TestTerraformConfluentPlatformExample 2022-07-30T18:16:49Z logger.go:66:                           + secretRef                = (known after apply)
TestTerraformConfluentPlatformExample 2022-07-30T18:16:49Z logger.go:66:                         }
TestTerraformConfluentPlatformExample 2022-07-30T18:16:49Z logger.go:66:                     }
TestTerraformConfluentPlatformExample 2022-07-30T18:16:49Z logger.go:66:                   + mds            = {
TestTerraformConfluentPlatformExample 2022-07-30T18:16:49Z logger.go:66:                       + authentication = {
TestTerraformConfluentPlatformExample 2022-07-30T18:16:49Z logger.go:66:                           + bearer = {
TestTerraformConfluentPlatformExample 2022-07-30T18:16:49Z logger.go:66:                               + directoryPathInContainer = (known after apply)
TestTerraformConfluentPlatformExample 2022-07-30T18:16:49Z logger.go:66:                               + secretRef                = (known after apply)
TestTerraformConfluentPlatformExample 2022-07-30T18:16:49Z logger.go:66:                             }
TestTerraformConfluentPlatformExample 2022-07-30T18:16:49Z logger.go:66:                           + type   = (known after apply)
TestTerraformConfluentPlatformExample 2022-07-30T18:16:49Z logger.go:66:                         }
TestTerraformConfluentPlatformExample 2022-07-30T18:16:49Z logger.go:66:                       + endpoint       = (known after apply)
TestTerraformConfluentPlatformExample 2022-07-30T18:16:49Z logger.go:66:                       + tls            = {
TestTerraformConfluentPlatformExample 2022-07-30T18:16:49Z logger.go:66:                           + directoryPathInContainer = (known after apply)
TestTerraformConfluentPlatformExample 2022-07-30T18:16:49Z logger.go:66:                           + enabled                  = (known after apply)
TestTerraformConfluentPlatformExample 2022-07-30T18:16:49Z logger.go:66:                           + ignoreTrustStoreConfig   = (known after apply)
TestTerraformConfluentPlatformExample 2022-07-30T18:16:49Z logger.go:66:                           + jksPassword              = {
TestTerraformConfluentPlatformExample 2022-07-30T18:16:49Z logger.go:66:                               + secretRef = (known after apply)
TestTerraformConfluentPlatformExample 2022-07-30T18:16:49Z logger.go:66:                             }
TestTerraformConfluentPlatformExample 2022-07-30T18:16:49Z logger.go:66:                           + secretRef                = (known after apply)
TestTerraformConfluentPlatformExample 2022-07-30T18:16:49Z logger.go:66:                         }
TestTerraformConfluentPlatformExample 2022-07-30T18:16:49Z logger.go:66:                       + tokenKeyPair   = {
TestTerraformConfluentPlatformExample 2022-07-30T18:16:49Z logger.go:66:                           + directoryPathInContainer = (known after apply)
TestTerraformConfluentPlatformExample 2022-07-30T18:16:49Z logger.go:66:                           + secretRef                = (known after apply)
TestTerraformConfluentPlatformExample 2022-07-30T18:16:49Z logger.go:66:                         }
TestTerraformConfluentPlatformExample 2022-07-30T18:16:49Z logger.go:66:                     }
TestTerraformConfluentPlatformExample 2022-07-30T18:16:49Z logger.go:66:                   + schemaRegistry = {
TestTerraformConfluentPlatformExample 2022-07-30T18:16:49Z logger.go:66:                       + authentication = {
TestTerraformConfluentPlatformExample 2022-07-30T18:16:49Z logger.go:66:                           + basic = {
TestTerraformConfluentPlatformExample 2022-07-30T18:16:49Z logger.go:66:                               + debug                    = (known after apply)
TestTerraformConfluentPlatformExample 2022-07-30T18:16:49Z logger.go:66:                               + directoryPathInContainer = (known after apply)
TestTerraformConfluentPlatformExample 2022-07-30T18:16:49Z logger.go:66:                               + restrictedRoles          = (known after apply)
TestTerraformConfluentPlatformExample 2022-07-30T18:16:49Z logger.go:66:                               + roles                    = (known after apply)
TestTerraformConfluentPlatformExample 2022-07-30T18:16:49Z logger.go:66:                               + secretRef                = (known after apply)
TestTerraformConfluentPlatformExample 2022-07-30T18:16:49Z logger.go:66:                             }
TestTerraformConfluentPlatformExample 2022-07-30T18:16:50Z logger.go:66:                           + type  = (known after apply)
TestTerraformConfluentPlatformExample 2022-07-30T18:16:50Z logger.go:66:                         }
TestTerraformConfluentPlatformExample 2022-07-30T18:16:50Z logger.go:66:                       + tls            = {
TestTerraformConfluentPlatformExample 2022-07-30T18:16:50Z logger.go:66:                           + directoryPathInContainer = (known after apply)
TestTerraformConfluentPlatformExample 2022-07-30T18:16:50Z logger.go:66:                           + enabled                  = (known after apply)
TestTerraformConfluentPlatformExample 2022-07-30T18:16:50Z logger.go:66:                           + ignoreTrustStoreConfig   = (known after apply)
TestTerraformConfluentPlatformExample 2022-07-30T18:16:50Z logger.go:66:                           + jksPassword              = {
TestTerraformConfluentPlatformExample 2022-07-30T18:16:50Z logger.go:66:                               + secretRef = (known after apply)
TestTerraformConfluentPlatformExample 2022-07-30T18:16:50Z logger.go:66:                             }
TestTerraformConfluentPlatformExample 2022-07-30T18:16:50Z logger.go:66:                           + secretRef                = (known after apply)
TestTerraformConfluentPlatformExample 2022-07-30T18:16:50Z logger.go:66:                         }
TestTerraformConfluentPlatformExample 2022-07-30T18:16:50Z logger.go:66:                       + url            = (known after apply)
TestTerraformConfluentPlatformExample 2022-07-30T18:16:50Z logger.go:66:                     }
TestTerraformConfluentPlatformExample 2022-07-30T18:16:50Z logger.go:66:                 }
TestTerraformConfluentPlatformExample 2022-07-30T18:16:50Z logger.go:66:               + externalAccess                 = {
TestTerraformConfluentPlatformExample 2022-07-30T18:16:50Z logger.go:66:                   + loadBalancer = {
TestTerraformConfluentPlatformExample 2022-07-30T18:16:50Z logger.go:66:                       + advertisedURL            = {
TestTerraformConfluentPlatformExample 2022-07-30T18:16:50Z logger.go:66:                           + enabled = (known after apply)
TestTerraformConfluentPlatformExample 2022-07-30T18:16:50Z logger.go:66:                           + prefix  = (known after apply)
TestTerraformConfluentPlatformExample 2022-07-30T18:16:50Z logger.go:66:                         }
TestTerraformConfluentPlatformExample 2022-07-30T18:16:50Z logger.go:66:                       + annotations              = (known after apply)
TestTerraformConfluentPlatformExample 2022-07-30T18:16:50Z logger.go:66:                       + domain                   = (known after apply)
TestTerraformConfluentPlatformExample 2022-07-30T18:16:50Z logger.go:66:                       + externalTrafficPolicy    = (known after apply)
TestTerraformConfluentPlatformExample 2022-07-30T18:16:50Z logger.go:66:                       + labels                   = (known after apply)
TestTerraformConfluentPlatformExample 2022-07-30T18:16:50Z logger.go:66:                       + loadBalancerSourceRanges = (known after apply)
TestTerraformConfluentPlatformExample 2022-07-30T18:16:50Z logger.go:66:                       + port                     = (known after apply)
TestTerraformConfluentPlatformExample 2022-07-30T18:16:50Z logger.go:66:                       + prefix                   = (known after apply)
TestTerraformConfluentPlatformExample 2022-07-30T18:16:50Z logger.go:66:                       + servicePorts             = (known after apply)
TestTerraformConfluentPlatformExample 2022-07-30T18:16:50Z logger.go:66:                       + sessionAffinity          = (known after apply)
TestTerraformConfluentPlatformExample 2022-07-30T18:16:50Z logger.go:66:                       + sessionAffinityConfig    = {
TestTerraformConfluentPlatformExample 2022-07-30T18:16:50Z logger.go:66:                           + clientIP = {
TestTerraformConfluentPlatformExample 2022-07-30T18:16:50Z logger.go:66:                               + timeoutSeconds = (known after apply)
TestTerraformConfluentPlatformExample 2022-07-30T18:16:50Z logger.go:66:                             }
TestTerraformConfluentPlatformExample 2022-07-30T18:16:50Z logger.go:66:                         }
TestTerraformConfluentPlatformExample 2022-07-30T18:16:50Z logger.go:66:                     }
TestTerraformConfluentPlatformExample 2022-07-30T18:16:50Z logger.go:66:                   + nodePort     = {
TestTerraformConfluentPlatformExample 2022-07-30T18:16:50Z logger.go:66:                       + advertisedURL         = {
TestTerraformConfluentPlatformExample 2022-07-30T18:16:50Z logger.go:66:                           + enabled = (known after apply)
TestTerraformConfluentPlatformExample 2022-07-30T18:16:50Z logger.go:66:                           + prefix  = (known after apply)
TestTerraformConfluentPlatformExample 2022-07-30T18:16:50Z logger.go:66:                         }
TestTerraformConfluentPlatformExample 2022-07-30T18:16:50Z logger.go:66:                       + annotations           = (known after apply)
TestTerraformConfluentPlatformExample 2022-07-30T18:16:50Z logger.go:66:                       + externalTrafficPolicy = (known after apply)
TestTerraformConfluentPlatformExample 2022-07-30T18:16:50Z logger.go:66:                       + host                  = (known after apply)
TestTerraformConfluentPlatformExample 2022-07-30T18:16:50Z logger.go:66:                       + labels                = (known after apply)
TestTerraformConfluentPlatformExample 2022-07-30T18:16:50Z logger.go:66:                       + nodePortOffset        = (known after apply)
TestTerraformConfluentPlatformExample 2022-07-30T18:16:50Z logger.go:66:                       + servicePorts          = (known after apply)
TestTerraformConfluentPlatformExample 2022-07-30T18:16:50Z logger.go:66:                       + sessionAffinity       = (known after apply)
TestTerraformConfluentPlatformExample 2022-07-30T18:16:50Z logger.go:66:                       + sessionAffinityConfig = {
TestTerraformConfluentPlatformExample 2022-07-30T18:16:50Z logger.go:66:                           + clientIP = {
TestTerraformConfluentPlatformExample 2022-07-30T18:16:50Z logger.go:66:                               + timeoutSeconds = (known after apply)
TestTerraformConfluentPlatformExample 2022-07-30T18:16:50Z logger.go:66:                             }
TestTerraformConfluentPlatformExample 2022-07-30T18:16:50Z logger.go:66:                         }
TestTerraformConfluentPlatformExample 2022-07-30T18:16:50Z logger.go:66:                     }
TestTerraformConfluentPlatformExample 2022-07-30T18:16:50Z logger.go:66:                   + route        = {
TestTerraformConfluentPlatformExample 2022-07-30T18:16:50Z logger.go:66:                       + annotations    = (known after apply)
TestTerraformConfluentPlatformExample 2022-07-30T18:16:50Z logger.go:66:                       + domain         = (known after apply)
TestTerraformConfluentPlatformExample 2022-07-30T18:16:50Z logger.go:66:                       + labels         = (known after apply)
TestTerraformConfluentPlatformExample 2022-07-30T18:16:50Z logger.go:66:                       + prefix         = (known after apply)
TestTerraformConfluentPlatformExample 2022-07-30T18:16:50Z logger.go:66:                       + wildcardPolicy = (known after apply)
TestTerraformConfluentPlatformExample 2022-07-30T18:16:50Z logger.go:66:                     }
TestTerraformConfluentPlatformExample 2022-07-30T18:16:50Z logger.go:66:                   + type         = (known after apply)
TestTerraformConfluentPlatformExample 2022-07-30T18:16:50Z logger.go:66:                 }
TestTerraformConfluentPlatformExample 2022-07-30T18:16:50Z logger.go:66:               + headlessService                = {
TestTerraformConfluentPlatformExample 2022-07-30T18:16:50Z logger.go:66:                   + annotations              = (known after apply)
TestTerraformConfluentPlatformExample 2022-07-30T18:16:50Z logger.go:66:                   + labels                   = (known after apply)
TestTerraformConfluentPlatformExample 2022-07-30T18:16:50Z logger.go:66:                   + publishNotReadyAddresses = (known after apply)
TestTerraformConfluentPlatformExample 2022-07-30T18:16:50Z logger.go:66:                 }
TestTerraformConfluentPlatformExample 2022-07-30T18:16:50Z logger.go:66:               + image                          = {
TestTerraformConfluentPlatformExample 2022-07-30T18:16:50Z logger.go:66:                   + application   = "confluentinc/cp-ksqldb-server:7.2.0"
TestTerraformConfluentPlatformExample 2022-07-30T18:16:50Z logger.go:66:                   + init          = "confluentinc/confluent-init-container:2.4.0"
TestTerraformConfluentPlatformExample 2022-07-30T18:16:50Z logger.go:66:                   + pullPolicy    = (known after apply)
TestTerraformConfluentPlatformExample 2022-07-30T18:16:50Z logger.go:66:                   + pullSecretRef = (known after apply)
TestTerraformConfluentPlatformExample 2022-07-30T18:16:50Z logger.go:66:                 }
TestTerraformConfluentPlatformExample 2022-07-30T18:16:50Z logger.go:66:               + injectAnnotations              = (known after apply)
TestTerraformConfluentPlatformExample 2022-07-30T18:16:50Z logger.go:66:               + injectLabels                   = (known after apply)
TestTerraformConfluentPlatformExample 2022-07-30T18:16:50Z logger.go:66:               + internalTopicReplicationFactor = (known after apply)
TestTerraformConfluentPlatformExample 2022-07-30T18:16:50Z logger.go:66:               + k8sClusterDomain               = (known after apply)
TestTerraformConfluentPlatformExample 2022-07-30T18:16:50Z logger.go:66:               + license                        = {
TestTerraformConfluentPlatformExample 2022-07-30T18:16:50Z logger.go:66:                   + directoryPathInContainer = (known after apply)
TestTerraformConfluentPlatformExample 2022-07-30T18:16:50Z logger.go:66:                   + globalLicense            = (known after apply)
TestTerraformConfluentPlatformExample 2022-07-30T18:16:50Z logger.go:66:                   + secretRef                = (known after apply)
TestTerraformConfluentPlatformExample 2022-07-30T18:16:50Z logger.go:66:                 }
TestTerraformConfluentPlatformExample 2022-07-30T18:16:50Z logger.go:66:               + metrics                        = {
TestTerraformConfluentPlatformExample 2022-07-30T18:16:50Z logger.go:66:                   + authentication = {
TestTerraformConfluentPlatformExample 2022-07-30T18:16:50Z logger.go:66:                       + type = (known after apply)
TestTerraformConfluentPlatformExample 2022-07-30T18:16:50Z logger.go:66:                     }
TestTerraformConfluentPlatformExample 2022-07-30T18:16:50Z logger.go:66:                   + prometheus     = {
TestTerraformConfluentPlatformExample 2022-07-30T18:16:50Z logger.go:66:                       + blacklist = (known after apply)
TestTerraformConfluentPlatformExample 2022-07-30T18:16:50Z logger.go:66:                       + rules     = (known after apply)
TestTerraformConfluentPlatformExample 2022-07-30T18:16:50Z logger.go:66:                       + whitelist = (known after apply)
TestTerraformConfluentPlatformExample 2022-07-30T18:16:50Z logger.go:66:                     }
TestTerraformConfluentPlatformExample 2022-07-30T18:16:50Z logger.go:66:                   + tls            = {
TestTerraformConfluentPlatformExample 2022-07-30T18:16:50Z logger.go:66:                       + directoryPathInContainer = (known after apply)
TestTerraformConfluentPlatformExample 2022-07-30T18:16:50Z logger.go:66:                       + enabled                  = (known after apply)
TestTerraformConfluentPlatformExample 2022-07-30T18:16:50Z logger.go:66:                       + ignoreTrustStoreConfig   = (known after apply)
TestTerraformConfluentPlatformExample 2022-07-30T18:16:50Z logger.go:66:                       + jksPassword              = {
TestTerraformConfluentPlatformExample 2022-07-30T18:16:50Z logger.go:66:                           + secretRef = (known after apply)
TestTerraformConfluentPlatformExample 2022-07-30T18:16:50Z logger.go:66:                         }
TestTerraformConfluentPlatformExample 2022-07-30T18:16:50Z logger.go:66:                       + secretRef                = (known after apply)
TestTerraformConfluentPlatformExample 2022-07-30T18:16:50Z logger.go:66:                     }
TestTerraformConfluentPlatformExample 2022-07-30T18:16:50Z logger.go:66:                 }
TestTerraformConfluentPlatformExample 2022-07-30T18:16:50Z logger.go:66:               + mountedSecrets                 = (known after apply)
TestTerraformConfluentPlatformExample 2022-07-30T18:16:50Z logger.go:66:               + mountedVolumes                 = {
TestTerraformConfluentPlatformExample 2022-07-30T18:16:50Z logger.go:66:                   + volumeMounts = (known after apply)
TestTerraformConfluentPlatformExample 2022-07-30T18:16:50Z logger.go:66:                   + volumes      = (known after apply)
TestTerraformConfluentPlatformExample 2022-07-30T18:16:50Z logger.go:66:                 }
TestTerraformConfluentPlatformExample 2022-07-30T18:16:50Z logger.go:66:               + oneReplicaPerNode              = (known after apply)
TestTerraformConfluentPlatformExample 2022-07-30T18:16:50Z logger.go:66:               + podTemplate                    = {
TestTerraformConfluentPlatformExample 2022-07-30T18:16:50Z logger.go:66:                   + affinity                      = {
TestTerraformConfluentPlatformExample 2022-07-30T18:16:50Z logger.go:66:                       + nodeAffinity    = {
TestTerraformConfluentPlatformExample 2022-07-30T18:16:50Z logger.go:66:                           + preferredDuringSchedulingIgnoredDuringExecution = (known after apply)
TestTerraformConfluentPlatformExample 2022-07-30T18:16:50Z logger.go:66:                           + requiredDuringSchedulingIgnoredDuringExecution  = {
TestTerraformConfluentPlatformExample 2022-07-30T18:16:50Z logger.go:66:                               + nodeSelectorTerms = (known after apply)
TestTerraformConfluentPlatformExample 2022-07-30T18:16:50Z logger.go:66:                             }
TestTerraformConfluentPlatformExample 2022-07-30T18:16:50Z logger.go:66:                         }
TestTerraformConfluentPlatformExample 2022-07-30T18:16:50Z logger.go:66:                       + podAffinity     = {
TestTerraformConfluentPlatformExample 2022-07-30T18:16:50Z logger.go:66:                           + preferredDuringSchedulingIgnoredDuringExecution = (known after apply)
TestTerraformConfluentPlatformExample 2022-07-30T18:16:50Z logger.go:66:                           + requiredDuringSchedulingIgnoredDuringExecution  = (known after apply)
TestTerraformConfluentPlatformExample 2022-07-30T18:16:50Z logger.go:66:                         }
TestTerraformConfluentPlatformExample 2022-07-30T18:16:50Z logger.go:66:                       + podAntiAffinity = {
TestTerraformConfluentPlatformExample 2022-07-30T18:16:50Z logger.go:66:                           + preferredDuringSchedulingIgnoredDuringExecution = (known after apply)
TestTerraformConfluentPlatformExample 2022-07-30T18:16:50Z logger.go:66:                           + requiredDuringSchedulingIgnoredDuringExecution  = (known after apply)
TestTerraformConfluentPlatformExample 2022-07-30T18:16:50Z logger.go:66:                         }
TestTerraformConfluentPlatformExample 2022-07-30T18:16:50Z logger.go:66:                     }
TestTerraformConfluentPlatformExample 2022-07-30T18:16:50Z logger.go:66:                   + annotations                   = (known after apply)
TestTerraformConfluentPlatformExample 2022-07-30T18:16:50Z logger.go:66:                   + envVars                       = (known after apply)
TestTerraformConfluentPlatformExample 2022-07-30T18:16:50Z logger.go:66:                   + labels                        = (known after apply)
TestTerraformConfluentPlatformExample 2022-07-30T18:16:50Z logger.go:66:                   + podSecurityContext            = {
TestTerraformConfluentPlatformExample 2022-07-30T18:16:50Z logger.go:66:                       + fsGroup             = (known after apply)
TestTerraformConfluentPlatformExample 2022-07-30T18:16:50Z logger.go:66:                       + fsGroupChangePolicy = (known after apply)
TestTerraformConfluentPlatformExample 2022-07-30T18:16:50Z logger.go:66:                       + runAsGroup          = (known after apply)
TestTerraformConfluentPlatformExample 2022-07-30T18:16:50Z logger.go:66:                       + runAsNonRoot        = (known after apply)
TestTerraformConfluentPlatformExample 2022-07-30T18:16:50Z logger.go:66:                       + runAsUser           = (known after apply)
TestTerraformConfluentPlatformExample 2022-07-30T18:16:50Z logger.go:66:                       + seLinuxOptions      = {
TestTerraformConfluentPlatformExample 2022-07-30T18:16:50Z logger.go:66:                           + level = (known after apply)
TestTerraformConfluentPlatformExample 2022-07-30T18:16:50Z logger.go:66:                           + role  = (known after apply)
TestTerraformConfluentPlatformExample 2022-07-30T18:16:50Z logger.go:66:                           + type  = (known after apply)
TestTerraformConfluentPlatformExample 2022-07-30T18:16:50Z logger.go:66:                           + user  = (known after apply)
TestTerraformConfluentPlatformExample 2022-07-30T18:16:50Z logger.go:66:                         }
TestTerraformConfluentPlatformExample 2022-07-30T18:16:50Z logger.go:66:                       + seccompProfile      = {
TestTerraformConfluentPlatformExample 2022-07-30T18:16:50Z logger.go:66:                           + localhostProfile = (known after apply)
TestTerraformConfluentPlatformExample 2022-07-30T18:16:50Z logger.go:66:                           + type             = (known after apply)
TestTerraformConfluentPlatformExample 2022-07-30T18:16:50Z logger.go:66:                         }
TestTerraformConfluentPlatformExample 2022-07-30T18:16:50Z logger.go:66:                       + supplementalGroups  = (known after apply)
TestTerraformConfluentPlatformExample 2022-07-30T18:16:50Z logger.go:66:                       + sysctls             = (known after apply)
TestTerraformConfluentPlatformExample 2022-07-30T18:16:50Z logger.go:66:                       + windowsOptions      = {
TestTerraformConfluentPlatformExample 2022-07-30T18:16:50Z logger.go:66:                           + gmsaCredentialSpec     = (known after apply)
TestTerraformConfluentPlatformExample 2022-07-30T18:16:50Z logger.go:66:                           + gmsaCredentialSpecName = (known after apply)
TestTerraformConfluentPlatformExample 2022-07-30T18:16:50Z logger.go:66:                           + hostProcess            = (known after apply)
TestTerraformConfluentPlatformExample 2022-07-30T18:16:50Z logger.go:66:                           + runAsUserName          = (known after apply)
TestTerraformConfluentPlatformExample 2022-07-30T18:16:50Z logger.go:66:                         }
TestTerraformConfluentPlatformExample 2022-07-30T18:16:50Z logger.go:66:                     }
TestTerraformConfluentPlatformExample 2022-07-30T18:16:50Z logger.go:66:                   + priorityClassName             = (known after apply)
TestTerraformConfluentPlatformExample 2022-07-30T18:16:50Z logger.go:66:                   + probe                         = {
TestTerraformConfluentPlatformExample 2022-07-30T18:16:50Z logger.go:66:                       + liveness  = {
TestTerraformConfluentPlatformExample 2022-07-30T18:16:50Z logger.go:66:                           + failureThreshold    = (known after apply)
TestTerraformConfluentPlatformExample 2022-07-30T18:16:50Z logger.go:66:                           + initialDelaySeconds = (known after apply)
TestTerraformConfluentPlatformExample 2022-07-30T18:16:50Z logger.go:66:                           + periodSeconds       = (known after apply)
TestTerraformConfluentPlatformExample 2022-07-30T18:16:50Z logger.go:66:                           + successThreshold    = (known after apply)
TestTerraformConfluentPlatformExample 2022-07-30T18:16:50Z logger.go:66:                           + timeoutSeconds      = (known after apply)
TestTerraformConfluentPlatformExample 2022-07-30T18:16:50Z logger.go:66:                         }
TestTerraformConfluentPlatformExample 2022-07-30T18:16:50Z logger.go:66:                       + readiness = {
TestTerraformConfluentPlatformExample 2022-07-30T18:16:50Z logger.go:66:                           + failureThreshold    = (known after apply)
TestTerraformConfluentPlatformExample 2022-07-30T18:16:50Z logger.go:66:                           + initialDelaySeconds = (known after apply)
TestTerraformConfluentPlatformExample 2022-07-30T18:16:50Z logger.go:66:                           + periodSeconds       = (known after apply)
TestTerraformConfluentPlatformExample 2022-07-30T18:16:50Z logger.go:66:                           + successThreshold    = (known after apply)
TestTerraformConfluentPlatformExample 2022-07-30T18:16:50Z logger.go:66:                           + timeoutSeconds      = (known after apply)
TestTerraformConfluentPlatformExample 2022-07-30T18:16:50Z logger.go:66:                         }
TestTerraformConfluentPlatformExample 2022-07-30T18:16:50Z logger.go:66:                     }
TestTerraformConfluentPlatformExample 2022-07-30T18:16:50Z logger.go:66:                   + resources                     = {
TestTerraformConfluentPlatformExample 2022-07-30T18:16:50Z logger.go:66:                       + limits   = (known after apply)
TestTerraformConfluentPlatformExample 2022-07-30T18:16:50Z logger.go:66:                       + requests = (known after apply)
TestTerraformConfluentPlatformExample 2022-07-30T18:16:50Z logger.go:66:                     }
TestTerraformConfluentPlatformExample 2022-07-30T18:16:50Z logger.go:66:                   + securityContext               = {
TestTerraformConfluentPlatformExample 2022-07-30T18:16:50Z logger.go:66:                       + allowPrivilegeEscalation = (known after apply)
TestTerraformConfluentPlatformExample 2022-07-30T18:16:50Z logger.go:66:                       + capabilities             = {
TestTerraformConfluentPlatformExample 2022-07-30T18:16:50Z logger.go:66:                           + add  = (known after apply)
TestTerraformConfluentPlatformExample 2022-07-30T18:16:50Z logger.go:66:                           + drop = (known after apply)
TestTerraformConfluentPlatformExample 2022-07-30T18:16:50Z logger.go:66:                         }
TestTerraformConfluentPlatformExample 2022-07-30T18:16:50Z logger.go:66:                       + privileged               = (known after apply)
TestTerraformConfluentPlatformExample 2022-07-30T18:16:50Z logger.go:66:                       + procMount                = (known after apply)
TestTerraformConfluentPlatformExample 2022-07-30T18:16:50Z logger.go:66:                       + readOnlyRootFilesystem   = (known after apply)
TestTerraformConfluentPlatformExample 2022-07-30T18:16:50Z logger.go:66:                       + runAsGroup               = (known after apply)
TestTerraformConfluentPlatformExample 2022-07-30T18:16:50Z logger.go:66:                       + runAsNonRoot             = (known after apply)
TestTerraformConfluentPlatformExample 2022-07-30T18:16:50Z logger.go:66:                       + runAsUser                = (known after apply)
TestTerraformConfluentPlatformExample 2022-07-30T18:16:50Z logger.go:66:                       + seLinuxOptions           = {
TestTerraformConfluentPlatformExample 2022-07-30T18:16:50Z logger.go:66:                           + level = (known after apply)
TestTerraformConfluentPlatformExample 2022-07-30T18:16:50Z logger.go:66:                           + role  = (known after apply)
TestTerraformConfluentPlatformExample 2022-07-30T18:16:50Z logger.go:66:                           + type  = (known after apply)
TestTerraformConfluentPlatformExample 2022-07-30T18:16:50Z logger.go:66:                           + user  = (known after apply)
TestTerraformConfluentPlatformExample 2022-07-30T18:16:50Z logger.go:66:                         }
TestTerraformConfluentPlatformExample 2022-07-30T18:16:50Z logger.go:66:                       + seccompProfile           = {
TestTerraformConfluentPlatformExample 2022-07-30T18:16:50Z logger.go:66:                           + localhostProfile = (known after apply)
TestTerraformConfluentPlatformExample 2022-07-30T18:16:50Z logger.go:66:                           + type             = (known after apply)
TestTerraformConfluentPlatformExample 2022-07-30T18:16:50Z logger.go:66:                         }
TestTerraformConfluentPlatformExample 2022-07-30T18:16:50Z logger.go:66:                       + windowsOptions           = {
TestTerraformConfluentPlatformExample 2022-07-30T18:16:50Z logger.go:66:                           + gmsaCredentialSpec     = (known after apply)
TestTerraformConfluentPlatformExample 2022-07-30T18:16:50Z logger.go:66:                           + gmsaCredentialSpecName = (known after apply)
TestTerraformConfluentPlatformExample 2022-07-30T18:16:50Z logger.go:66:                           + hostProcess            = (known after apply)
TestTerraformConfluentPlatformExample 2022-07-30T18:16:50Z logger.go:66:                           + runAsUserName          = (known after apply)
TestTerraformConfluentPlatformExample 2022-07-30T18:16:50Z logger.go:66:                         }
TestTerraformConfluentPlatformExample 2022-07-30T18:16:50Z logger.go:66:                     }
TestTerraformConfluentPlatformExample 2022-07-30T18:16:50Z logger.go:66:                   + serviceAccountName            = (known after apply)
TestTerraformConfluentPlatformExample 2022-07-30T18:16:50Z logger.go:66:                   + terminationGracePeriodSeconds = (known after apply)
TestTerraformConfluentPlatformExample 2022-07-30T18:16:50Z logger.go:66:                   + tolerations                   = (known after apply)
TestTerraformConfluentPlatformExample 2022-07-30T18:16:50Z logger.go:66:                   + topologySpreadConstraints     = (known after apply)
TestTerraformConfluentPlatformExample 2022-07-30T18:16:50Z logger.go:66:                 }
TestTerraformConfluentPlatformExample 2022-07-30T18:16:50Z logger.go:66:               + replicas                       = 1
TestTerraformConfluentPlatformExample 2022-07-30T18:16:50Z logger.go:66:               + storageClass                   = {
TestTerraformConfluentPlatformExample 2022-07-30T18:16:50Z logger.go:66:                   + name = (known after apply)
TestTerraformConfluentPlatformExample 2022-07-30T18:16:50Z logger.go:66:                 }
TestTerraformConfluentPlatformExample 2022-07-30T18:16:50Z logger.go:66:               + telemetry                      = {
TestTerraformConfluentPlatformExample 2022-07-30T18:16:50Z logger.go:66:                   + global = (known after apply)
TestTerraformConfluentPlatformExample 2022-07-30T18:16:50Z logger.go:66:                 }
TestTerraformConfluentPlatformExample 2022-07-30T18:16:50Z logger.go:66:               + tls                            = {
TestTerraformConfluentPlatformExample 2022-07-30T18:16:50Z logger.go:66:                   + autoGeneratedCerts       = (known after apply)
TestTerraformConfluentPlatformExample 2022-07-30T18:16:50Z logger.go:66:                   + directoryPathInContainer = (known after apply)
TestTerraformConfluentPlatformExample 2022-07-30T18:16:50Z logger.go:66:                   + ignoreTrustStoreConfig   = (known after apply)
TestTerraformConfluentPlatformExample 2022-07-30T18:16:50Z logger.go:66:                   + jksPassword              = {
TestTerraformConfluentPlatformExample 2022-07-30T18:16:50Z logger.go:66:                       + secretRef = (known after apply)
TestTerraformConfluentPlatformExample 2022-07-30T18:16:50Z logger.go:66:                     }
TestTerraformConfluentPlatformExample 2022-07-30T18:16:50Z logger.go:66:                   + secretRef                = (known after apply)
TestTerraformConfluentPlatformExample 2022-07-30T18:16:50Z logger.go:66:                 }
TestTerraformConfluentPlatformExample 2022-07-30T18:16:50Z logger.go:66:             }
TestTerraformConfluentPlatformExample 2022-07-30T18:16:50Z logger.go:66:         }
TestTerraformConfluentPlatformExample 2022-07-30T18:16:50Z logger.go:66:
TestTerraformConfluentPlatformExample 2022-07-30T18:16:50Z logger.go:66:       + timeouts {
TestTerraformConfluentPlatformExample 2022-07-30T18:16:50Z logger.go:66:           + create = "1h"
TestTerraformConfluentPlatformExample 2022-07-30T18:16:50Z logger.go:66:           + delete = "10m"
TestTerraformConfluentPlatformExample 2022-07-30T18:16:50Z logger.go:66:           + update = "1h"
TestTerraformConfluentPlatformExample 2022-07-30T18:16:50Z logger.go:66:         }
TestTerraformConfluentPlatformExample 2022-07-30T18:16:50Z logger.go:66:
TestTerraformConfluentPlatformExample 2022-07-30T18:16:50Z logger.go:66:       + wait {
TestTerraformConfluentPlatformExample 2022-07-30T18:16:50Z logger.go:66:           + fields = {
TestTerraformConfluentPlatformExample 2022-07-30T18:16:50Z logger.go:66:               + "status.phase" = "RUNNING"
TestTerraformConfluentPlatformExample 2022-07-30T18:16:50Z logger.go:66:             }
TestTerraformConfluentPlatformExample 2022-07-30T18:16:50Z logger.go:66:         }
TestTerraformConfluentPlatformExample 2022-07-30T18:16:50Z logger.go:66:     }
TestTerraformConfluentPlatformExample 2022-07-30T18:16:50Z logger.go:66:
TestTerraformConfluentPlatformExample 2022-07-30T18:16:50Z logger.go:66:   # module.confluent_platform.kubernetes_manifest.component["schemaregistry"] will be created
TestTerraformConfluentPlatformExample 2022-07-30T18:16:50Z logger.go:66:   + resource "kubernetes_manifest" "component" {
TestTerraformConfluentPlatformExample 2022-07-30T18:16:50Z logger.go:66:       + computed_fields = [
TestTerraformConfluentPlatformExample 2022-07-30T18:16:50Z logger.go:66:           + "metadata.finalizers",
TestTerraformConfluentPlatformExample 2022-07-30T18:16:50Z logger.go:66:         ]
TestTerraformConfluentPlatformExample 2022-07-30T18:16:50Z logger.go:66:       + manifest        = {
TestTerraformConfluentPlatformExample 2022-07-30T18:16:50Z logger.go:66:           + apiVersion = "platform.confluent.io/v1beta1"
TestTerraformConfluentPlatformExample 2022-07-30T18:16:50Z logger.go:66:           + kind       = "SchemaRegistry"
TestTerraformConfluentPlatformExample 2022-07-30T18:16:50Z logger.go:66:           + metadata   = {
TestTerraformConfluentPlatformExample 2022-07-30T18:16:50Z logger.go:66:               + name      = "schemaregistry"
TestTerraformConfluentPlatformExample 2022-07-30T18:16:50Z logger.go:66:               + namespace = "confluent"
TestTerraformConfluentPlatformExample 2022-07-30T18:16:50Z logger.go:66:             }
TestTerraformConfluentPlatformExample 2022-07-30T18:16:50Z logger.go:66:           + spec       = {
TestTerraformConfluentPlatformExample 2022-07-30T18:16:50Z logger.go:66:               + image    = {
TestTerraformConfluentPlatformExample 2022-07-30T18:16:50Z logger.go:66:                   + application = "confluentinc/cp-schema-registry:7.2.0"
TestTerraformConfluentPlatformExample 2022-07-30T18:16:50Z logger.go:66:                   + init        = "confluentinc/confluent-init-container:2.4.0"
TestTerraformConfluentPlatformExample 2022-07-30T18:16:50Z logger.go:66:                 }
TestTerraformConfluentPlatformExample 2022-07-30T18:16:50Z logger.go:66:               + replicas = 3
TestTerraformConfluentPlatformExample 2022-07-30T18:16:50Z logger.go:66:             }
TestTerraformConfluentPlatformExample 2022-07-30T18:16:50Z logger.go:66:         }
TestTerraformConfluentPlatformExample 2022-07-30T18:16:50Z logger.go:66:       + object          = {
TestTerraformConfluentPlatformExample 2022-07-30T18:16:50Z logger.go:66:           + apiVersion = "platform.confluent.io/v1beta1"
TestTerraformConfluentPlatformExample 2022-07-30T18:16:50Z logger.go:66:           + kind       = "SchemaRegistry"
TestTerraformConfluentPlatformExample 2022-07-30T18:16:50Z logger.go:66:           + metadata   = {
TestTerraformConfluentPlatformExample 2022-07-30T18:16:50Z logger.go:66:               + annotations                = (known after apply)
TestTerraformConfluentPlatformExample 2022-07-30T18:16:50Z logger.go:66:               + clusterName                = (known after apply)
TestTerraformConfluentPlatformExample 2022-07-30T18:16:50Z logger.go:66:               + creationTimestamp          = (known after apply)
TestTerraformConfluentPlatformExample 2022-07-30T18:16:50Z logger.go:66:               + deletionGracePeriodSeconds = (known after apply)
TestTerraformConfluentPlatformExample 2022-07-30T18:16:50Z logger.go:66:               + deletionTimestamp          = (known after apply)
TestTerraformConfluentPlatformExample 2022-07-30T18:16:50Z logger.go:66:               + finalizers                 = (known after apply)
TestTerraformConfluentPlatformExample 2022-07-30T18:16:50Z logger.go:66:               + generateName               = (known after apply)
TestTerraformConfluentPlatformExample 2022-07-30T18:16:50Z logger.go:66:               + generation                 = (known after apply)
TestTerraformConfluentPlatformExample 2022-07-30T18:16:50Z logger.go:66:               + labels                     = (known after apply)
TestTerraformConfluentPlatformExample 2022-07-30T18:16:50Z logger.go:66:               + managedFields              = (known after apply)
TestTerraformConfluentPlatformExample 2022-07-30T18:16:50Z logger.go:66:               + name                       = "schemaregistry"
TestTerraformConfluentPlatformExample 2022-07-30T18:16:50Z logger.go:66:               + namespace                  = "confluent"
TestTerraformConfluentPlatformExample 2022-07-30T18:16:50Z logger.go:66:               + ownerReferences            = (known after apply)
TestTerraformConfluentPlatformExample 2022-07-30T18:16:50Z logger.go:66:               + resourceVersion            = (known after apply)
TestTerraformConfluentPlatformExample 2022-07-30T18:16:50Z logger.go:66:               + selfLink                   = (known after apply)
TestTerraformConfluentPlatformExample 2022-07-30T18:16:50Z logger.go:66:               + uid                        = (known after apply)
TestTerraformConfluentPlatformExample 2022-07-30T18:16:50Z logger.go:66:             }
TestTerraformConfluentPlatformExample 2022-07-30T18:16:50Z logger.go:66:           + spec       = {
TestTerraformConfluentPlatformExample 2022-07-30T18:16:50Z logger.go:66:               + authentication                = {
TestTerraformConfluentPlatformExample 2022-07-30T18:16:50Z logger.go:66:                   + basic = {
TestTerraformConfluentPlatformExample 2022-07-30T18:16:50Z logger.go:66:                       + debug                    = (known after apply)
TestTerraformConfluentPlatformExample 2022-07-30T18:16:50Z logger.go:66:                       + directoryPathInContainer = (known after apply)
TestTerraformConfluentPlatformExample 2022-07-30T18:16:50Z logger.go:66:                       + restrictedRoles          = (known after apply)
TestTerraformConfluentPlatformExample 2022-07-30T18:16:50Z logger.go:66:                       + roles                    = (known after apply)
TestTerraformConfluentPlatformExample 2022-07-30T18:16:50Z logger.go:66:                       + secretRef                = (known after apply)
TestTerraformConfluentPlatformExample 2022-07-30T18:16:50Z logger.go:66:                     }
TestTerraformConfluentPlatformExample 2022-07-30T18:16:50Z logger.go:66:                   + type  = (known after apply)
TestTerraformConfluentPlatformExample 2022-07-30T18:16:50Z logger.go:66:                 }
TestTerraformConfluentPlatformExample 2022-07-30T18:16:50Z logger.go:66:               + authorization                 = {
TestTerraformConfluentPlatformExample 2022-07-30T18:16:50Z logger.go:66:                   + kafkaRestClassRef = {
TestTerraformConfluentPlatformExample 2022-07-30T18:16:50Z logger.go:66:                       + name      = (known after apply)
TestTerraformConfluentPlatformExample 2022-07-30T18:16:50Z logger.go:66:                       + namespace = (known after apply)
TestTerraformConfluentPlatformExample 2022-07-30T18:16:50Z logger.go:66:                     }
TestTerraformConfluentPlatformExample 2022-07-30T18:16:50Z logger.go:66:                   + type              = (known after apply)
TestTerraformConfluentPlatformExample 2022-07-30T18:16:50Z logger.go:66:                 }
TestTerraformConfluentPlatformExample 2022-07-30T18:16:50Z logger.go:66:               + configOverrides               = {
TestTerraformConfluentPlatformExample 2022-07-30T18:16:50Z logger.go:66:                   + jvm    = (known after apply)
TestTerraformConfluentPlatformExample 2022-07-30T18:16:50Z logger.go:66:                   + log4j  = (known after apply)
TestTerraformConfluentPlatformExample 2022-07-30T18:16:50Z logger.go:66:                   + server = (known after apply)
TestTerraformConfluentPlatformExample 2022-07-30T18:16:50Z logger.go:66:                 }
TestTerraformConfluentPlatformExample 2022-07-30T18:16:50Z logger.go:66:               + dependencies                  = {
TestTerraformConfluentPlatformExample 2022-07-30T18:16:50Z logger.go:66:                   + kafka = {
TestTerraformConfluentPlatformExample 2022-07-30T18:16:50Z logger.go:66:                       + authentication    = {
TestTerraformConfluentPlatformExample 2022-07-30T18:16:50Z logger.go:66:                           + jaasConfig            = {
TestTerraformConfluentPlatformExample 2022-07-30T18:16:50Z logger.go:66:                               + secretRef = (known after apply)
TestTerraformConfluentPlatformExample 2022-07-30T18:16:50Z logger.go:66:                             }
TestTerraformConfluentPlatformExample 2022-07-30T18:16:50Z logger.go:66:                           + jaasConfigPassThrough = {
TestTerraformConfluentPlatformExample 2022-07-30T18:16:50Z logger.go:66:                               + directoryPathInContainer = (known after apply)
TestTerraformConfluentPlatformExample 2022-07-30T18:16:50Z logger.go:66:                               + secretRef                = (known after apply)
TestTerraformConfluentPlatformExample 2022-07-30T18:16:50Z logger.go:66:                             }
TestTerraformConfluentPlatformExample 2022-07-30T18:16:50Z logger.go:66:                           + oauthbearer           = {
TestTerraformConfluentPlatformExample 2022-07-30T18:16:50Z logger.go:66:                               + directoryPathInContainer = (known after apply)
TestTerraformConfluentPlatformExample 2022-07-30T18:16:50Z logger.go:66:                               + secretRef                = (known after apply)
TestTerraformConfluentPlatformExample 2022-07-30T18:16:50Z logger.go:66:                             }
TestTerraformConfluentPlatformExample 2022-07-30T18:16:50Z logger.go:66:                           + type                  = (known after apply)
TestTerraformConfluentPlatformExample 2022-07-30T18:16:50Z logger.go:66:                         }
TestTerraformConfluentPlatformExample 2022-07-30T18:16:50Z logger.go:66:                       + bootstrapEndpoint = (known after apply)
TestTerraformConfluentPlatformExample 2022-07-30T18:16:50Z logger.go:66:                       + discovery         = {
TestTerraformConfluentPlatformExample 2022-07-30T18:16:50Z logger.go:66:                           + name      = (known after apply)
TestTerraformConfluentPlatformExample 2022-07-30T18:16:50Z logger.go:66:                           + namespace = (known after apply)
TestTerraformConfluentPlatformExample 2022-07-30T18:16:50Z logger.go:66:                           + secretRef = (known after apply)
TestTerraformConfluentPlatformExample 2022-07-30T18:16:50Z logger.go:66:                         }
TestTerraformConfluentPlatformExample 2022-07-30T18:16:50Z logger.go:66:                       + tls               = {
TestTerraformConfluentPlatformExample 2022-07-30T18:16:50Z logger.go:66:                           + directoryPathInContainer = (known after apply)
TestTerraformConfluentPlatformExample 2022-07-30T18:16:50Z logger.go:66:                           + enabled                  = (known after apply)
TestTerraformConfluentPlatformExample 2022-07-30T18:16:50Z logger.go:66:                           + ignoreTrustStoreConfig   = (known after apply)
TestTerraformConfluentPlatformExample 2022-07-30T18:16:50Z logger.go:66:                           + jksPassword              = {
TestTerraformConfluentPlatformExample 2022-07-30T18:16:50Z logger.go:66:                               + secretRef = (known after apply)
TestTerraformConfluentPlatformExample 2022-07-30T18:16:50Z logger.go:66:                             }
TestTerraformConfluentPlatformExample 2022-07-30T18:16:50Z logger.go:66:                           + secretRef                = (known after apply)
TestTerraformConfluentPlatformExample 2022-07-30T18:16:50Z logger.go:66:                         }
TestTerraformConfluentPlatformExample 2022-07-30T18:16:50Z logger.go:66:                     }
TestTerraformConfluentPlatformExample 2022-07-30T18:16:50Z logger.go:66:                   + mds   = {
TestTerraformConfluentPlatformExample 2022-07-30T18:16:50Z logger.go:66:                       + authentication = {
TestTerraformConfluentPlatformExample 2022-07-30T18:16:50Z logger.go:66:                           + bearer = {
TestTerraformConfluentPlatformExample 2022-07-30T18:16:50Z logger.go:66:                               + directoryPathInContainer = (known after apply)
TestTerraformConfluentPlatformExample 2022-07-30T18:16:50Z logger.go:66:                               + secretRef                = (known after apply)
TestTerraformConfluentPlatformExample 2022-07-30T18:16:50Z logger.go:66:                             }
TestTerraformConfluentPlatformExample 2022-07-30T18:16:50Z logger.go:66:                           + type   = (known after apply)
TestTerraformConfluentPlatformExample 2022-07-30T18:16:50Z logger.go:66:                         }
TestTerraformConfluentPlatformExample 2022-07-30T18:16:50Z logger.go:66:                       + endpoint       = (known after apply)
TestTerraformConfluentPlatformExample 2022-07-30T18:16:50Z logger.go:66:                       + tls            = {
TestTerraformConfluentPlatformExample 2022-07-30T18:16:50Z logger.go:66:                           + directoryPathInContainer = (known after apply)
TestTerraformConfluentPlatformExample 2022-07-30T18:16:50Z logger.go:66:                           + enabled                  = (known after apply)
TestTerraformConfluentPlatformExample 2022-07-30T18:16:50Z logger.go:66:                           + ignoreTrustStoreConfig   = (known after apply)
TestTerraformConfluentPlatformExample 2022-07-30T18:16:50Z logger.go:66:                           + jksPassword              = {
TestTerraformConfluentPlatformExample 2022-07-30T18:16:50Z logger.go:66:                               + secretRef = (known after apply)
TestTerraformConfluentPlatformExample 2022-07-30T18:16:50Z logger.go:66:                             }
TestTerraformConfluentPlatformExample 2022-07-30T18:16:50Z logger.go:66:                           + secretRef                = (known after apply)
TestTerraformConfluentPlatformExample 2022-07-30T18:16:50Z logger.go:66:                         }
TestTerraformConfluentPlatformExample 2022-07-30T18:16:50Z logger.go:66:                       + tokenKeyPair   = {
TestTerraformConfluentPlatformExample 2022-07-30T18:16:50Z logger.go:66:                           + directoryPathInContainer = (known after apply)
TestTerraformConfluentPlatformExample 2022-07-30T18:16:50Z logger.go:66:                           + secretRef                = (known after apply)
TestTerraformConfluentPlatformExample 2022-07-30T18:16:50Z logger.go:66:                         }
TestTerraformConfluentPlatformExample 2022-07-30T18:16:50Z logger.go:66:                     }
TestTerraformConfluentPlatformExample 2022-07-30T18:16:50Z logger.go:66:                 }
TestTerraformConfluentPlatformExample 2022-07-30T18:16:50Z logger.go:66:               + enableSchemaExporter          = (known after apply)
TestTerraformConfluentPlatformExample 2022-07-30T18:16:50Z logger.go:66:               + externalAccess                = {
TestTerraformConfluentPlatformExample 2022-07-30T18:16:50Z logger.go:66:                   + loadBalancer = {
TestTerraformConfluentPlatformExample 2022-07-30T18:16:50Z logger.go:66:                       + advertisedURL            = {
TestTerraformConfluentPlatformExample 2022-07-30T18:16:50Z logger.go:66:                           + enabled = (known after apply)
TestTerraformConfluentPlatformExample 2022-07-30T18:16:50Z logger.go:66:                           + prefix  = (known after apply)
TestTerraformConfluentPlatformExample 2022-07-30T18:16:50Z logger.go:66:                         }
TestTerraformConfluentPlatformExample 2022-07-30T18:16:50Z logger.go:66:                       + annotations              = (known after apply)
TestTerraformConfluentPlatformExample 2022-07-30T18:16:50Z logger.go:66:                       + domain                   = (known after apply)
TestTerraformConfluentPlatformExample 2022-07-30T18:16:50Z logger.go:66:                       + externalTrafficPolicy    = (known after apply)
TestTerraformConfluentPlatformExample 2022-07-30T18:16:50Z logger.go:66:                       + labels                   = (known after apply)
TestTerraformConfluentPlatformExample 2022-07-30T18:16:50Z logger.go:66:                       + loadBalancerSourceRanges = (known after apply)
TestTerraformConfluentPlatformExample 2022-07-30T18:16:50Z logger.go:66:                       + port                     = (known after apply)
TestTerraformConfluentPlatformExample 2022-07-30T18:16:50Z logger.go:66:                       + prefix                   = (known after apply)
TestTerraformConfluentPlatformExample 2022-07-30T18:16:50Z logger.go:66:                       + servicePorts             = (known after apply)
TestTerraformConfluentPlatformExample 2022-07-30T18:16:50Z logger.go:66:                       + sessionAffinity          = (known after apply)
TestTerraformConfluentPlatformExample 2022-07-30T18:16:50Z logger.go:66:                       + sessionAffinityConfig    = {
TestTerraformConfluentPlatformExample 2022-07-30T18:16:50Z logger.go:66:                           + clientIP = {
TestTerraformConfluentPlatformExample 2022-07-30T18:16:50Z logger.go:66:                               + timeoutSeconds = (known after apply)
TestTerraformConfluentPlatformExample 2022-07-30T18:16:50Z logger.go:66:                             }
TestTerraformConfluentPlatformExample 2022-07-30T18:16:50Z logger.go:66:                         }
TestTerraformConfluentPlatformExample 2022-07-30T18:16:50Z logger.go:66:                     }
TestTerraformConfluentPlatformExample 2022-07-30T18:16:50Z logger.go:66:                   + nodePort     = {
TestTerraformConfluentPlatformExample 2022-07-30T18:16:50Z logger.go:66:                       + advertisedURL         = {
TestTerraformConfluentPlatformExample 2022-07-30T18:16:50Z logger.go:66:                           + enabled = (known after apply)
TestTerraformConfluentPlatformExample 2022-07-30T18:16:50Z logger.go:66:                           + prefix  = (known after apply)
TestTerraformConfluentPlatformExample 2022-07-30T18:16:50Z logger.go:66:                         }
TestTerraformConfluentPlatformExample 2022-07-30T18:16:50Z logger.go:66:                       + annotations           = (known after apply)
TestTerraformConfluentPlatformExample 2022-07-30T18:16:50Z logger.go:66:                       + externalTrafficPolicy = (known after apply)
TestTerraformConfluentPlatformExample 2022-07-30T18:16:50Z logger.go:66:                       + host                  = (known after apply)
TestTerraformConfluentPlatformExample 2022-07-30T18:16:50Z logger.go:66:                       + labels                = (known after apply)
TestTerraformConfluentPlatformExample 2022-07-30T18:16:50Z logger.go:66:                       + nodePortOffset        = (known after apply)
TestTerraformConfluentPlatformExample 2022-07-30T18:16:50Z logger.go:66:                       + servicePorts          = (known after apply)
TestTerraformConfluentPlatformExample 2022-07-30T18:16:50Z logger.go:66:                       + sessionAffinity       = (known after apply)
TestTerraformConfluentPlatformExample 2022-07-30T18:16:50Z logger.go:66:                       + sessionAffinityConfig = {
TestTerraformConfluentPlatformExample 2022-07-30T18:16:50Z logger.go:66:                           + clientIP = {
TestTerraformConfluentPlatformExample 2022-07-30T18:16:50Z logger.go:66:                               + timeoutSeconds = (known after apply)
TestTerraformConfluentPlatformExample 2022-07-30T18:16:50Z logger.go:66:                             }
TestTerraformConfluentPlatformExample 2022-07-30T18:16:50Z logger.go:66:                         }
TestTerraformConfluentPlatformExample 2022-07-30T18:16:50Z logger.go:66:                     }
TestTerraformConfluentPlatformExample 2022-07-30T18:16:50Z logger.go:66:                   + route        = {
TestTerraformConfluentPlatformExample 2022-07-30T18:16:50Z logger.go:66:                       + annotations    = (known after apply)
TestTerraformConfluentPlatformExample 2022-07-30T18:16:50Z logger.go:66:                       + domain         = (known after apply)
TestTerraformConfluentPlatformExample 2022-07-30T18:16:50Z logger.go:66:                       + labels         = (known after apply)
TestTerraformConfluentPlatformExample 2022-07-30T18:16:50Z logger.go:66:                       + prefix         = (known after apply)
TestTerraformConfluentPlatformExample 2022-07-30T18:16:50Z logger.go:66:                       + wildcardPolicy = (known after apply)
TestTerraformConfluentPlatformExample 2022-07-30T18:16:50Z logger.go:66:                     }
TestTerraformConfluentPlatformExample 2022-07-30T18:16:50Z logger.go:66:                   + type         = (known after apply)
TestTerraformConfluentPlatformExample 2022-07-30T18:16:50Z logger.go:66:                 }
TestTerraformConfluentPlatformExample 2022-07-30T18:16:50Z logger.go:66:               + headlessService               = {
TestTerraformConfluentPlatformExample 2022-07-30T18:16:50Z logger.go:66:                   + annotations              = (known after apply)
TestTerraformConfluentPlatformExample 2022-07-30T18:16:50Z logger.go:66:                   + labels                   = (known after apply)
TestTerraformConfluentPlatformExample 2022-07-30T18:16:50Z logger.go:66:                   + publishNotReadyAddresses = (known after apply)
TestTerraformConfluentPlatformExample 2022-07-30T18:16:50Z logger.go:66:                 }
TestTerraformConfluentPlatformExample 2022-07-30T18:16:50Z logger.go:66:               + image                         = {
TestTerraformConfluentPlatformExample 2022-07-30T18:16:50Z logger.go:66:                   + application   = "confluentinc/cp-schema-registry:7.2.0"
TestTerraformConfluentPlatformExample 2022-07-30T18:16:50Z logger.go:66:                   + init          = "confluentinc/confluent-init-container:2.4.0"
TestTerraformConfluentPlatformExample 2022-07-30T18:16:50Z logger.go:66:                   + pullPolicy    = (known after apply)
TestTerraformConfluentPlatformExample 2022-07-30T18:16:50Z logger.go:66:                   + pullSecretRef = (known after apply)
TestTerraformConfluentPlatformExample 2022-07-30T18:16:50Z logger.go:66:                 }
TestTerraformConfluentPlatformExample 2022-07-30T18:16:50Z logger.go:66:               + injectAnnotations             = (known after apply)
TestTerraformConfluentPlatformExample 2022-07-30T18:16:50Z logger.go:66:               + injectLabels                  = (known after apply)
TestTerraformConfluentPlatformExample 2022-07-30T18:16:50Z logger.go:66:               + internalTopicReplicatorFactor = (known after apply)
TestTerraformConfluentPlatformExample 2022-07-30T18:16:50Z logger.go:66:               + k8sClusterDomain              = (known after apply)
TestTerraformConfluentPlatformExample 2022-07-30T18:16:50Z logger.go:66:               + license                       = {
TestTerraformConfluentPlatformExample 2022-07-30T18:16:50Z logger.go:66:                   + directoryPathInContainer = (known after apply)
TestTerraformConfluentPlatformExample 2022-07-30T18:16:50Z logger.go:66:                   + globalLicense            = (known after apply)
TestTerraformConfluentPlatformExample 2022-07-30T18:16:50Z logger.go:66:                   + secretRef                = (known after apply)
TestTerraformConfluentPlatformExample 2022-07-30T18:16:50Z logger.go:66:                 }
TestTerraformConfluentPlatformExample 2022-07-30T18:16:50Z logger.go:66:               + metrics                       = {
TestTerraformConfluentPlatformExample 2022-07-30T18:16:50Z logger.go:66:                   + authentication = {
TestTerraformConfluentPlatformExample 2022-07-30T18:16:50Z logger.go:66:                       + type = (known after apply)
TestTerraformConfluentPlatformExample 2022-07-30T18:16:50Z logger.go:66:                     }
TestTerraformConfluentPlatformExample 2022-07-30T18:16:50Z logger.go:66:                   + prometheus     = {
TestTerraformConfluentPlatformExample 2022-07-30T18:16:50Z logger.go:66:                       + blacklist = (known after apply)
TestTerraformConfluentPlatformExample 2022-07-30T18:16:50Z logger.go:66:                       + rules     = (known after apply)
TestTerraformConfluentPlatformExample 2022-07-30T18:16:50Z logger.go:66:                       + whitelist = (known after apply)
TestTerraformConfluentPlatformExample 2022-07-30T18:16:50Z logger.go:66:                     }
TestTerraformConfluentPlatformExample 2022-07-30T18:16:50Z logger.go:66:                   + tls            = {
TestTerraformConfluentPlatformExample 2022-07-30T18:16:50Z logger.go:66:                       + directoryPathInContainer = (known after apply)
TestTerraformConfluentPlatformExample 2022-07-30T18:16:50Z logger.go:66:                       + enabled                  = (known after apply)
TestTerraformConfluentPlatformExample 2022-07-30T18:16:50Z logger.go:66:                       + ignoreTrustStoreConfig   = (known after apply)
TestTerraformConfluentPlatformExample 2022-07-30T18:16:50Z logger.go:66:                       + jksPassword              = {
TestTerraformConfluentPlatformExample 2022-07-30T18:16:50Z logger.go:66:                           + secretRef = (known after apply)
TestTerraformConfluentPlatformExample 2022-07-30T18:16:50Z logger.go:66:                         }
TestTerraformConfluentPlatformExample 2022-07-30T18:16:50Z logger.go:66:                       + secretRef                = (known after apply)
TestTerraformConfluentPlatformExample 2022-07-30T18:16:50Z logger.go:66:                     }
TestTerraformConfluentPlatformExample 2022-07-30T18:16:50Z logger.go:66:                 }
TestTerraformConfluentPlatformExample 2022-07-30T18:16:50Z logger.go:66:               + mountedSecrets                = (known after apply)
TestTerraformConfluentPlatformExample 2022-07-30T18:16:50Z logger.go:66:               + mountedVolumes                = {
TestTerraformConfluentPlatformExample 2022-07-30T18:16:50Z logger.go:66:                   + volumeMounts = (known after apply)
TestTerraformConfluentPlatformExample 2022-07-30T18:16:50Z logger.go:66:                   + volumes      = (known after apply)
TestTerraformConfluentPlatformExample 2022-07-30T18:16:50Z logger.go:66:                 }
TestTerraformConfluentPlatformExample 2022-07-30T18:16:50Z logger.go:66:               + oneReplicaPerNode             = (known after apply)
TestTerraformConfluentPlatformExample 2022-07-30T18:16:50Z logger.go:66:               + passwordEncoder               = {
TestTerraformConfluentPlatformExample 2022-07-30T18:16:50Z logger.go:66:                   + directoryPathInContainer = (known after apply)
TestTerraformConfluentPlatformExample 2022-07-30T18:16:50Z logger.go:66:                   + secretRef                = (known after apply)
TestTerraformConfluentPlatformExample 2022-07-30T18:16:50Z logger.go:66:                 }
TestTerraformConfluentPlatformExample 2022-07-30T18:16:50Z logger.go:66:               + podTemplate                   = {
TestTerraformConfluentPlatformExample 2022-07-30T18:16:50Z logger.go:66:                   + affinity                      = {
TestTerraformConfluentPlatformExample 2022-07-30T18:16:50Z logger.go:66:                       + nodeAffinity    = {
TestTerraformConfluentPlatformExample 2022-07-30T18:16:50Z logger.go:66:                           + preferredDuringSchedulingIgnoredDuringExecution = (known after apply)
TestTerraformConfluentPlatformExample 2022-07-30T18:16:50Z logger.go:66:                           + requiredDuringSchedulingIgnoredDuringExecution  = {
TestTerraformConfluentPlatformExample 2022-07-30T18:16:50Z logger.go:66:                               + nodeSelectorTerms = (known after apply)
TestTerraformConfluentPlatformExample 2022-07-30T18:16:50Z logger.go:66:                             }
TestTerraformConfluentPlatformExample 2022-07-30T18:16:50Z logger.go:66:                         }
TestTerraformConfluentPlatformExample 2022-07-30T18:16:50Z logger.go:66:                       + podAffinity     = {
TestTerraformConfluentPlatformExample 2022-07-30T18:16:50Z logger.go:66:                           + preferredDuringSchedulingIgnoredDuringExecution = (known after apply)
TestTerraformConfluentPlatformExample 2022-07-30T18:16:50Z logger.go:66:                           + requiredDuringSchedulingIgnoredDuringExecution  = (known after apply)
TestTerraformConfluentPlatformExample 2022-07-30T18:16:50Z logger.go:66:                         }
TestTerraformConfluentPlatformExample 2022-07-30T18:16:50Z logger.go:66:                       + podAntiAffinity = {
TestTerraformConfluentPlatformExample 2022-07-30T18:16:50Z logger.go:66:                           + preferredDuringSchedulingIgnoredDuringExecution = (known after apply)
TestTerraformConfluentPlatformExample 2022-07-30T18:16:50Z logger.go:66:                           + requiredDuringSchedulingIgnoredDuringExecution  = (known after apply)
TestTerraformConfluentPlatformExample 2022-07-30T18:16:50Z logger.go:66:                         }
TestTerraformConfluentPlatformExample 2022-07-30T18:16:50Z logger.go:66:                     }
TestTerraformConfluentPlatformExample 2022-07-30T18:16:50Z logger.go:66:                   + annotations                   = (known after apply)
TestTerraformConfluentPlatformExample 2022-07-30T18:16:50Z logger.go:66:                   + envVars                       = (known after apply)
TestTerraformConfluentPlatformExample 2022-07-30T18:16:50Z logger.go:66:                   + labels                        = (known after apply)
TestTerraformConfluentPlatformExample 2022-07-30T18:16:50Z logger.go:66:                   + podSecurityContext            = {
TestTerraformConfluentPlatformExample 2022-07-30T18:16:50Z logger.go:66:                       + fsGroup             = (known after apply)
TestTerraformConfluentPlatformExample 2022-07-30T18:16:50Z logger.go:66:                       + fsGroupChangePolicy = (known after apply)
TestTerraformConfluentPlatformExample 2022-07-30T18:16:50Z logger.go:66:                       + runAsGroup          = (known after apply)
TestTerraformConfluentPlatformExample 2022-07-30T18:16:50Z logger.go:66:                       + runAsNonRoot        = (known after apply)
TestTerraformConfluentPlatformExample 2022-07-30T18:16:50Z logger.go:66:                       + runAsUser           = (known after apply)
TestTerraformConfluentPlatformExample 2022-07-30T18:16:50Z logger.go:66:                       + seLinuxOptions      = {
TestTerraformConfluentPlatformExample 2022-07-30T18:16:50Z logger.go:66:                           + level = (known after apply)
TestTerraformConfluentPlatformExample 2022-07-30T18:16:50Z logger.go:66:                           + role  = (known after apply)
TestTerraformConfluentPlatformExample 2022-07-30T18:16:50Z logger.go:66:                           + type  = (known after apply)
TestTerraformConfluentPlatformExample 2022-07-30T18:16:50Z logger.go:66:                           + user  = (known after apply)
TestTerraformConfluentPlatformExample 2022-07-30T18:16:50Z logger.go:66:                         }
TestTerraformConfluentPlatformExample 2022-07-30T18:16:50Z logger.go:66:                       + seccompProfile      = {
TestTerraformConfluentPlatformExample 2022-07-30T18:16:50Z logger.go:66:                           + localhostProfile = (known after apply)
TestTerraformConfluentPlatformExample 2022-07-30T18:16:50Z logger.go:66:                           + type             = (known after apply)
TestTerraformConfluentPlatformExample 2022-07-30T18:16:50Z logger.go:66:                         }
TestTerraformConfluentPlatformExample 2022-07-30T18:16:50Z logger.go:66:                       + supplementalGroups  = (known after apply)
TestTerraformConfluentPlatformExample 2022-07-30T18:16:50Z logger.go:66:                       + sysctls             = (known after apply)
TestTerraformConfluentPlatformExample 2022-07-30T18:16:50Z logger.go:66:                       + windowsOptions      = {
TestTerraformConfluentPlatformExample 2022-07-30T18:16:50Z logger.go:66:                           + gmsaCredentialSpec     = (known after apply)
TestTerraformConfluentPlatformExample 2022-07-30T18:16:50Z logger.go:66:                           + gmsaCredentialSpecName = (known after apply)
TestTerraformConfluentPlatformExample 2022-07-30T18:16:50Z logger.go:66:                           + hostProcess            = (known after apply)
TestTerraformConfluentPlatformExample 2022-07-30T18:16:50Z logger.go:66:                           + runAsUserName          = (known after apply)
TestTerraformConfluentPlatformExample 2022-07-30T18:16:50Z logger.go:66:                         }
TestTerraformConfluentPlatformExample 2022-07-30T18:16:50Z logger.go:66:                     }
TestTerraformConfluentPlatformExample 2022-07-30T18:16:50Z logger.go:66:                   + priorityClassName             = (known after apply)
TestTerraformConfluentPlatformExample 2022-07-30T18:16:50Z logger.go:66:                   + probe                         = {
TestTerraformConfluentPlatformExample 2022-07-30T18:16:50Z logger.go:66:                       + liveness  = {
TestTerraformConfluentPlatformExample 2022-07-30T18:16:50Z logger.go:66:                           + failureThreshold    = (known after apply)
TestTerraformConfluentPlatformExample 2022-07-30T18:16:50Z logger.go:66:                           + initialDelaySeconds = (known after apply)
TestTerraformConfluentPlatformExample 2022-07-30T18:16:50Z logger.go:66:                           + periodSeconds       = (known after apply)
TestTerraformConfluentPlatformExample 2022-07-30T18:16:50Z logger.go:66:                           + successThreshold    = (known after apply)
TestTerraformConfluentPlatformExample 2022-07-30T18:16:50Z logger.go:66:                           + timeoutSeconds      = (known after apply)
TestTerraformConfluentPlatformExample 2022-07-30T18:16:50Z logger.go:66:                         }
TestTerraformConfluentPlatformExample 2022-07-30T18:16:50Z logger.go:66:                       + readiness = {
TestTerraformConfluentPlatformExample 2022-07-30T18:16:50Z logger.go:66:                           + failureThreshold    = (known after apply)
TestTerraformConfluentPlatformExample 2022-07-30T18:16:50Z logger.go:66:                           + initialDelaySeconds = (known after apply)
TestTerraformConfluentPlatformExample 2022-07-30T18:16:50Z logger.go:66:                           + periodSeconds       = (known after apply)
TestTerraformConfluentPlatformExample 2022-07-30T18:16:50Z logger.go:66:                           + successThreshold    = (known after apply)
TestTerraformConfluentPlatformExample 2022-07-30T18:16:50Z logger.go:66:                           + timeoutSeconds      = (known after apply)
TestTerraformConfluentPlatformExample 2022-07-30T18:16:50Z logger.go:66:                         }
TestTerraformConfluentPlatformExample 2022-07-30T18:16:50Z logger.go:66:                     }
TestTerraformConfluentPlatformExample 2022-07-30T18:16:50Z logger.go:66:                   + resources                     = {
TestTerraformConfluentPlatformExample 2022-07-30T18:16:50Z logger.go:66:                       + limits   = (known after apply)
TestTerraformConfluentPlatformExample 2022-07-30T18:16:50Z logger.go:66:                       + requests = (known after apply)
TestTerraformConfluentPlatformExample 2022-07-30T18:16:50Z logger.go:66:                     }
TestTerraformConfluentPlatformExample 2022-07-30T18:16:50Z logger.go:66:                   + securityContext               = {
TestTerraformConfluentPlatformExample 2022-07-30T18:16:50Z logger.go:66:                       + allowPrivilegeEscalation = (known after apply)
TestTerraformConfluentPlatformExample 2022-07-30T18:16:50Z logger.go:66:                       + capabilities             = {
TestTerraformConfluentPlatformExample 2022-07-30T18:16:50Z logger.go:66:                           + add  = (known after apply)
TestTerraformConfluentPlatformExample 2022-07-30T18:16:50Z logger.go:66:                           + drop = (known after apply)
TestTerraformConfluentPlatformExample 2022-07-30T18:16:50Z logger.go:66:                         }
TestTerraformConfluentPlatformExample 2022-07-30T18:16:50Z logger.go:66:                       + privileged               = (known after apply)
TestTerraformConfluentPlatformExample 2022-07-30T18:16:50Z logger.go:66:                       + procMount                = (known after apply)
TestTerraformConfluentPlatformExample 2022-07-30T18:16:50Z logger.go:66:                       + readOnlyRootFilesystem   = (known after apply)
TestTerraformConfluentPlatformExample 2022-07-30T18:16:50Z logger.go:66:                       + runAsGroup               = (known after apply)
TestTerraformConfluentPlatformExample 2022-07-30T18:16:50Z logger.go:66:                       + runAsNonRoot             = (known after apply)
TestTerraformConfluentPlatformExample 2022-07-30T18:16:50Z logger.go:66:                       + runAsUser                = (known after apply)
TestTerraformConfluentPlatformExample 2022-07-30T18:16:50Z logger.go:66:                       + seLinuxOptions           = {
TestTerraformConfluentPlatformExample 2022-07-30T18:16:50Z logger.go:66:                           + level = (known after apply)
TestTerraformConfluentPlatformExample 2022-07-30T18:16:50Z logger.go:66:                           + role  = (known after apply)
TestTerraformConfluentPlatformExample 2022-07-30T18:16:50Z logger.go:66:                           + type  = (known after apply)
TestTerraformConfluentPlatformExample 2022-07-30T18:16:50Z logger.go:66:                           + user  = (known after apply)
TestTerraformConfluentPlatformExample 2022-07-30T18:16:50Z logger.go:66:                         }
TestTerraformConfluentPlatformExample 2022-07-30T18:16:50Z logger.go:66:                       + seccompProfile           = {
TestTerraformConfluentPlatformExample 2022-07-30T18:16:50Z logger.go:66:                           + localhostProfile = (known after apply)
TestTerraformConfluentPlatformExample 2022-07-30T18:16:50Z logger.go:66:                           + type             = (known after apply)
TestTerraformConfluentPlatformExample 2022-07-30T18:16:50Z logger.go:66:                         }
TestTerraformConfluentPlatformExample 2022-07-30T18:16:50Z logger.go:66:                       + windowsOptions           = {
TestTerraformConfluentPlatformExample 2022-07-30T18:16:50Z logger.go:66:                           + gmsaCredentialSpec     = (known after apply)
TestTerraformConfluentPlatformExample 2022-07-30T18:16:50Z logger.go:66:                           + gmsaCredentialSpecName = (known after apply)
TestTerraformConfluentPlatformExample 2022-07-30T18:16:50Z logger.go:66:                           + hostProcess            = (known after apply)
TestTerraformConfluentPlatformExample 2022-07-30T18:16:50Z logger.go:66:                           + runAsUserName          = (known after apply)
TestTerraformConfluentPlatformExample 2022-07-30T18:16:50Z logger.go:66:                         }
TestTerraformConfluentPlatformExample 2022-07-30T18:16:50Z logger.go:66:                     }
TestTerraformConfluentPlatformExample 2022-07-30T18:16:50Z logger.go:66:                   + serviceAccountName            = (known after apply)
TestTerraformConfluentPlatformExample 2022-07-30T18:16:50Z logger.go:66:                   + terminationGracePeriodSeconds = (known after apply)
TestTerraformConfluentPlatformExample 2022-07-30T18:16:50Z logger.go:66:                   + tolerations                   = (known after apply)
TestTerraformConfluentPlatformExample 2022-07-30T18:16:50Z logger.go:66:                   + topologySpreadConstraints     = (known after apply)
TestTerraformConfluentPlatformExample 2022-07-30T18:16:50Z logger.go:66:                 }
TestTerraformConfluentPlatformExample 2022-07-30T18:16:50Z logger.go:66:               + replicas                      = 3
TestTerraformConfluentPlatformExample 2022-07-30T18:16:50Z logger.go:66:               + telemetry                     = {
TestTerraformConfluentPlatformExample 2022-07-30T18:16:50Z logger.go:66:                   + global = (known after apply)
TestTerraformConfluentPlatformExample 2022-07-30T18:16:50Z logger.go:66:                 }
TestTerraformConfluentPlatformExample 2022-07-30T18:16:50Z logger.go:66:               + tls                           = {
TestTerraformConfluentPlatformExample 2022-07-30T18:16:50Z logger.go:66:                   + autoGeneratedCerts       = (known after apply)
TestTerraformConfluentPlatformExample 2022-07-30T18:16:50Z logger.go:66:                   + directoryPathInContainer = (known after apply)
TestTerraformConfluentPlatformExample 2022-07-30T18:16:50Z logger.go:66:                   + ignoreTrustStoreConfig   = (known after apply)
TestTerraformConfluentPlatformExample 2022-07-30T18:16:50Z logger.go:66:                   + jksPassword              = {
TestTerraformConfluentPlatformExample 2022-07-30T18:16:50Z logger.go:66:                       + secretRef = (known after apply)
TestTerraformConfluentPlatformExample 2022-07-30T18:16:50Z logger.go:66:                     }
TestTerraformConfluentPlatformExample 2022-07-30T18:16:50Z logger.go:66:                   + secretRef                = (known after apply)
TestTerraformConfluentPlatformExample 2022-07-30T18:16:50Z logger.go:66:                 }
TestTerraformConfluentPlatformExample 2022-07-30T18:16:50Z logger.go:66:             }
TestTerraformConfluentPlatformExample 2022-07-30T18:16:50Z logger.go:66:         }
TestTerraformConfluentPlatformExample 2022-07-30T18:16:50Z logger.go:66:
TestTerraformConfluentPlatformExample 2022-07-30T18:16:50Z logger.go:66:       + timeouts {
TestTerraformConfluentPlatformExample 2022-07-30T18:16:50Z logger.go:66:           + create = "1h"
TestTerraformConfluentPlatformExample 2022-07-30T18:16:50Z logger.go:66:           + delete = "10m"
TestTerraformConfluentPlatformExample 2022-07-30T18:16:50Z logger.go:66:           + update = "1h"
TestTerraformConfluentPlatformExample 2022-07-30T18:16:50Z logger.go:66:         }
TestTerraformConfluentPlatformExample 2022-07-30T18:16:50Z logger.go:66:
TestTerraformConfluentPlatformExample 2022-07-30T18:16:50Z logger.go:66:       + wait {
TestTerraformConfluentPlatformExample 2022-07-30T18:16:50Z logger.go:66:           + fields = {
TestTerraformConfluentPlatformExample 2022-07-30T18:16:50Z logger.go:66:               + "status.phase" = "RUNNING"
TestTerraformConfluentPlatformExample 2022-07-30T18:16:50Z logger.go:66:             }
TestTerraformConfluentPlatformExample 2022-07-30T18:16:50Z logger.go:66:         }
TestTerraformConfluentPlatformExample 2022-07-30T18:16:50Z logger.go:66:     }
TestTerraformConfluentPlatformExample 2022-07-30T18:16:50Z logger.go:66:
TestTerraformConfluentPlatformExample 2022-07-30T18:16:50Z logger.go:66:   # module.confluent_platform.kubernetes_manifest.component["zookeeper"] will be created
TestTerraformConfluentPlatformExample 2022-07-30T18:16:50Z logger.go:66:   + resource "kubernetes_manifest" "component" {
TestTerraformConfluentPlatformExample 2022-07-30T18:16:50Z logger.go:66:       + computed_fields = [
TestTerraformConfluentPlatformExample 2022-07-30T18:16:50Z logger.go:66:           + "metadata.finalizers",
TestTerraformConfluentPlatformExample 2022-07-30T18:16:50Z logger.go:66:         ]
TestTerraformConfluentPlatformExample 2022-07-30T18:16:50Z logger.go:66:       + manifest        = {
TestTerraformConfluentPlatformExample 2022-07-30T18:16:50Z logger.go:66:           + apiVersion = "platform.confluent.io/v1beta1"
TestTerraformConfluentPlatformExample 2022-07-30T18:16:50Z logger.go:66:           + kind       = "Zookeeper"
TestTerraformConfluentPlatformExample 2022-07-30T18:16:50Z logger.go:66:           + metadata   = {
TestTerraformConfluentPlatformExample 2022-07-30T18:16:50Z logger.go:66:               + name      = "zookeeper"
TestTerraformConfluentPlatformExample 2022-07-30T18:16:50Z logger.go:66:               + namespace = "confluent"
TestTerraformConfluentPlatformExample 2022-07-30T18:16:50Z logger.go:66:             }
TestTerraformConfluentPlatformExample 2022-07-30T18:16:50Z logger.go:66:           + spec       = {
TestTerraformConfluentPlatformExample 2022-07-30T18:16:50Z logger.go:66:               + dataVolumeCapacity = "10Gi"
TestTerraformConfluentPlatformExample 2022-07-30T18:16:50Z logger.go:66:               + image              = {
TestTerraformConfluentPlatformExample 2022-07-30T18:16:50Z logger.go:66:                   + application = "confluentinc/cp-zookeeper:7.2.0"
TestTerraformConfluentPlatformExample 2022-07-30T18:16:50Z logger.go:66:                   + init        = "confluentinc/confluent-init-container:2.4.0"
TestTerraformConfluentPlatformExample 2022-07-30T18:16:50Z logger.go:66:                 }
TestTerraformConfluentPlatformExample 2022-07-30T18:16:50Z logger.go:66:               + logVolumeCapacity  = "10Gi"
TestTerraformConfluentPlatformExample 2022-07-30T18:16:50Z logger.go:66:               + replicas           = 3
TestTerraformConfluentPlatformExample 2022-07-30T18:16:50Z logger.go:66:             }
TestTerraformConfluentPlatformExample 2022-07-30T18:16:50Z logger.go:66:         }
TestTerraformConfluentPlatformExample 2022-07-30T18:16:50Z logger.go:66:       + object          = {
TestTerraformConfluentPlatformExample 2022-07-30T18:16:50Z logger.go:66:           + apiVersion = "platform.confluent.io/v1beta1"
TestTerraformConfluentPlatformExample 2022-07-30T18:16:50Z logger.go:66:           + kind       = "Zookeeper"
TestTerraformConfluentPlatformExample 2022-07-30T18:16:50Z logger.go:66:           + metadata   = {
TestTerraformConfluentPlatformExample 2022-07-30T18:16:50Z logger.go:66:               + annotations                = (known after apply)
TestTerraformConfluentPlatformExample 2022-07-30T18:16:50Z logger.go:66:               + clusterName                = (known after apply)
TestTerraformConfluentPlatformExample 2022-07-30T18:16:50Z logger.go:66:               + creationTimestamp          = (known after apply)
TestTerraformConfluentPlatformExample 2022-07-30T18:16:50Z logger.go:66:               + deletionGracePeriodSeconds = (known after apply)
TestTerraformConfluentPlatformExample 2022-07-30T18:16:50Z logger.go:66:               + deletionTimestamp          = (known after apply)
TestTerraformConfluentPlatformExample 2022-07-30T18:16:50Z logger.go:66:               + finalizers                 = (known after apply)
TestTerraformConfluentPlatformExample 2022-07-30T18:16:50Z logger.go:66:               + generateName               = (known after apply)
TestTerraformConfluentPlatformExample 2022-07-30T18:16:50Z logger.go:66:               + generation                 = (known after apply)
TestTerraformConfluentPlatformExample 2022-07-30T18:16:50Z logger.go:66:               + labels                     = (known after apply)
TestTerraformConfluentPlatformExample 2022-07-30T18:16:50Z logger.go:66:               + managedFields              = (known after apply)
TestTerraformConfluentPlatformExample 2022-07-30T18:16:50Z logger.go:66:               + name                       = "zookeeper"
TestTerraformConfluentPlatformExample 2022-07-30T18:16:50Z logger.go:66:               + namespace                  = "confluent"
TestTerraformConfluentPlatformExample 2022-07-30T18:16:50Z logger.go:66:               + ownerReferences            = (known after apply)
TestTerraformConfluentPlatformExample 2022-07-30T18:16:50Z logger.go:66:               + resourceVersion            = (known after apply)
TestTerraformConfluentPlatformExample 2022-07-30T18:16:50Z logger.go:66:               + selfLink                   = (known after apply)
TestTerraformConfluentPlatformExample 2022-07-30T18:16:50Z logger.go:66:               + uid                        = (known after apply)
TestTerraformConfluentPlatformExample 2022-07-30T18:16:50Z logger.go:66:             }
TestTerraformConfluentPlatformExample 2022-07-30T18:16:50Z logger.go:66:           + spec       = {
TestTerraformConfluentPlatformExample 2022-07-30T18:16:50Z logger.go:66:               + authentication     = {
TestTerraformConfluentPlatformExample 2022-07-30T18:16:50Z logger.go:66:                   + jaasConfig            = {
TestTerraformConfluentPlatformExample 2022-07-30T18:16:50Z logger.go:66:                       + secretRef = (known after apply)
TestTerraformConfluentPlatformExample 2022-07-30T18:16:50Z logger.go:66:                     }
TestTerraformConfluentPlatformExample 2022-07-30T18:16:50Z logger.go:66:                   + jaasConfigPassThrough = {
TestTerraformConfluentPlatformExample 2022-07-30T18:16:50Z logger.go:66:                       + directoryPathInContainer = (known after apply)
TestTerraformConfluentPlatformExample 2022-07-30T18:16:50Z logger.go:66:                       + secretRef                = (known after apply)
TestTerraformConfluentPlatformExample 2022-07-30T18:16:50Z logger.go:66:                     }
TestTerraformConfluentPlatformExample 2022-07-30T18:16:50Z logger.go:66:                   + principalMappingRules = (known after apply)
TestTerraformConfluentPlatformExample 2022-07-30T18:16:50Z logger.go:66:                   + type                  = (known after apply)
TestTerraformConfluentPlatformExample 2022-07-30T18:16:50Z logger.go:66:                 }
TestTerraformConfluentPlatformExample 2022-07-30T18:16:50Z logger.go:66:               + configOverrides    = {
TestTerraformConfluentPlatformExample 2022-07-30T18:16:50Z logger.go:66:                   + jvm    = (known after apply)
TestTerraformConfluentPlatformExample 2022-07-30T18:16:50Z logger.go:66:                   + log4j  = (known after apply)
TestTerraformConfluentPlatformExample 2022-07-30T18:16:50Z logger.go:66:                   + peers  = (known after apply)
TestTerraformConfluentPlatformExample 2022-07-30T18:16:50Z logger.go:66:                   + server = (known after apply)
TestTerraformConfluentPlatformExample 2022-07-30T18:16:50Z logger.go:66:                 }
TestTerraformConfluentPlatformExample 2022-07-30T18:16:50Z logger.go:66:               + dataVolumeCapacity = "10Gi"
TestTerraformConfluentPlatformExample 2022-07-30T18:16:50Z logger.go:66:               + headlessService    = {
TestTerraformConfluentPlatformExample 2022-07-30T18:16:50Z logger.go:66:                   + annotations              = (known after apply)
TestTerraformConfluentPlatformExample 2022-07-30T18:16:50Z logger.go:66:                   + labels                   = (known after apply)
TestTerraformConfluentPlatformExample 2022-07-30T18:16:50Z logger.go:66:                   + publishNotReadyAddresses = (known after apply)
TestTerraformConfluentPlatformExample 2022-07-30T18:16:50Z logger.go:66:                 }
TestTerraformConfluentPlatformExample 2022-07-30T18:16:50Z logger.go:66:               + image              = {
TestTerraformConfluentPlatformExample 2022-07-30T18:16:50Z logger.go:66:                   + application   = "confluentinc/cp-zookeeper:7.2.0"
TestTerraformConfluentPlatformExample 2022-07-30T18:16:50Z logger.go:66:                   + init          = "confluentinc/confluent-init-container:2.4.0"
TestTerraformConfluentPlatformExample 2022-07-30T18:16:50Z logger.go:66:                   + pullPolicy    = (known after apply)
TestTerraformConfluentPlatformExample 2022-07-30T18:16:50Z logger.go:66:                   + pullSecretRef = (known after apply)
TestTerraformConfluentPlatformExample 2022-07-30T18:16:50Z logger.go:66:                 }
TestTerraformConfluentPlatformExample 2022-07-30T18:16:50Z logger.go:66:               + injectAnnotations  = (known after apply)
TestTerraformConfluentPlatformExample 2022-07-30T18:16:50Z logger.go:66:               + injectLabels       = (known after apply)
TestTerraformConfluentPlatformExample 2022-07-30T18:16:50Z logger.go:66:               + k8sClusterDomain   = (known after apply)
TestTerraformConfluentPlatformExample 2022-07-30T18:16:50Z logger.go:66:               + license            = {
TestTerraformConfluentPlatformExample 2022-07-30T18:16:50Z logger.go:66:                   + directoryPathInContainer = (known after apply)
TestTerraformConfluentPlatformExample 2022-07-30T18:16:50Z logger.go:66:                   + globalLicense            = (known after apply)
TestTerraformConfluentPlatformExample 2022-07-30T18:16:50Z logger.go:66:                   + secretRef                = (known after apply)
TestTerraformConfluentPlatformExample 2022-07-30T18:16:50Z logger.go:66:                 }
TestTerraformConfluentPlatformExample 2022-07-30T18:16:50Z logger.go:66:               + logVolumeCapacity  = "10Gi"
TestTerraformConfluentPlatformExample 2022-07-30T18:16:50Z logger.go:66:               + metrics            = {
TestTerraformConfluentPlatformExample 2022-07-30T18:16:50Z logger.go:66:                   + authentication = {
TestTerraformConfluentPlatformExample 2022-07-30T18:16:50Z logger.go:66:                       + type = (known after apply)
TestTerraformConfluentPlatformExample 2022-07-30T18:16:50Z logger.go:66:                     }
TestTerraformConfluentPlatformExample 2022-07-30T18:16:50Z logger.go:66:                   + prometheus     = {
TestTerraformConfluentPlatformExample 2022-07-30T18:16:50Z logger.go:66:                       + blacklist = (known after apply)
TestTerraformConfluentPlatformExample 2022-07-30T18:16:50Z logger.go:66:                       + rules     = (known after apply)
TestTerraformConfluentPlatformExample 2022-07-30T18:16:50Z logger.go:66:                       + whitelist = (known after apply)
TestTerraformConfluentPlatformExample 2022-07-30T18:16:50Z logger.go:66:                     }
TestTerraformConfluentPlatformExample 2022-07-30T18:16:50Z logger.go:66:                   + tls            = {
TestTerraformConfluentPlatformExample 2022-07-30T18:16:50Z logger.go:66:                       + directoryPathInContainer = (known after apply)
TestTerraformConfluentPlatformExample 2022-07-30T18:16:50Z logger.go:66:                       + enabled                  = (known after apply)
TestTerraformConfluentPlatformExample 2022-07-30T18:16:50Z logger.go:66:                       + ignoreTrustStoreConfig   = (known after apply)
TestTerraformConfluentPlatformExample 2022-07-30T18:16:50Z logger.go:66:                       + jksPassword              = {
TestTerraformConfluentPlatformExample 2022-07-30T18:16:50Z logger.go:66:                           + secretRef = (known after apply)
TestTerraformConfluentPlatformExample 2022-07-30T18:16:50Z logger.go:66:                         }
TestTerraformConfluentPlatformExample 2022-07-30T18:16:50Z logger.go:66:                       + secretRef                = (known after apply)
TestTerraformConfluentPlatformExample 2022-07-30T18:16:50Z logger.go:66:                     }
TestTerraformConfluentPlatformExample 2022-07-30T18:16:50Z logger.go:66:                 }
TestTerraformConfluentPlatformExample 2022-07-30T18:16:50Z logger.go:66:               + mountedSecrets     = (known after apply)
TestTerraformConfluentPlatformExample 2022-07-30T18:16:50Z logger.go:66:               + mountedVolumes     = {
TestTerraformConfluentPlatformExample 2022-07-30T18:16:50Z logger.go:66:                   + volumeMounts = (known after apply)
TestTerraformConfluentPlatformExample 2022-07-30T18:16:50Z logger.go:66:                   + volumes      = (known after apply)
TestTerraformConfluentPlatformExample 2022-07-30T18:16:50Z logger.go:66:                 }
TestTerraformConfluentPlatformExample 2022-07-30T18:16:50Z logger.go:66:               + oneReplicaPerNode  = (known after apply)
TestTerraformConfluentPlatformExample 2022-07-30T18:16:50Z logger.go:66:               + podTemplate        = {
TestTerraformConfluentPlatformExample 2022-07-30T18:16:50Z logger.go:66:                   + affinity                      = {
TestTerraformConfluentPlatformExample 2022-07-30T18:16:50Z logger.go:66:                       + nodeAffinity    = {
TestTerraformConfluentPlatformExample 2022-07-30T18:16:50Z logger.go:66:                           + preferredDuringSchedulingIgnoredDuringExecution = (known after apply)
TestTerraformConfluentPlatformExample 2022-07-30T18:16:50Z logger.go:66:                           + requiredDuringSchedulingIgnoredDuringExecution  = {
TestTerraformConfluentPlatformExample 2022-07-30T18:16:50Z logger.go:66:                               + nodeSelectorTerms = (known after apply)
TestTerraformConfluentPlatformExample 2022-07-30T18:16:50Z logger.go:66:                             }
TestTerraformConfluentPlatformExample 2022-07-30T18:16:50Z logger.go:66:                         }
TestTerraformConfluentPlatformExample 2022-07-30T18:16:50Z logger.go:66:                       + podAffinity     = {
TestTerraformConfluentPlatformExample 2022-07-30T18:16:50Z logger.go:66:                           + preferredDuringSchedulingIgnoredDuringExecution = (known after apply)
TestTerraformConfluentPlatformExample 2022-07-30T18:16:50Z logger.go:66:                           + requiredDuringSchedulingIgnoredDuringExecution  = (known after apply)
TestTerraformConfluentPlatformExample 2022-07-30T18:16:50Z logger.go:66:                         }
TestTerraformConfluentPlatformExample 2022-07-30T18:16:50Z logger.go:66:                       + podAntiAffinity = {
TestTerraformConfluentPlatformExample 2022-07-30T18:16:50Z logger.go:66:                           + preferredDuringSchedulingIgnoredDuringExecution = (known after apply)
TestTerraformConfluentPlatformExample 2022-07-30T18:16:50Z logger.go:66:                           + requiredDuringSchedulingIgnoredDuringExecution  = (known after apply)
TestTerraformConfluentPlatformExample 2022-07-30T18:16:50Z logger.go:66:                         }
TestTerraformConfluentPlatformExample 2022-07-30T18:16:50Z logger.go:66:                     }
TestTerraformConfluentPlatformExample 2022-07-30T18:16:50Z logger.go:66:                   + annotations                   = (known after apply)
TestTerraformConfluentPlatformExample 2022-07-30T18:16:50Z logger.go:66:                   + envVars                       = (known after apply)
TestTerraformConfluentPlatformExample 2022-07-30T18:16:50Z logger.go:66:                   + labels                        = (known after apply)
TestTerraformConfluentPlatformExample 2022-07-30T18:16:50Z logger.go:66:                   + podSecurityContext            = {
TestTerraformConfluentPlatformExample 2022-07-30T18:16:50Z logger.go:66:                       + fsGroup             = (known after apply)
TestTerraformConfluentPlatformExample 2022-07-30T18:16:50Z logger.go:66:                       + fsGroupChangePolicy = (known after apply)
TestTerraformConfluentPlatformExample 2022-07-30T18:16:50Z logger.go:66:                       + runAsGroup          = (known after apply)
TestTerraformConfluentPlatformExample 2022-07-30T18:16:50Z logger.go:66:                       + runAsNonRoot        = (known after apply)
TestTerraformConfluentPlatformExample 2022-07-30T18:16:50Z logger.go:66:                       + runAsUser           = (known after apply)
TestTerraformConfluentPlatformExample 2022-07-30T18:16:50Z logger.go:66:                       + seLinuxOptions      = {
TestTerraformConfluentPlatformExample 2022-07-30T18:16:50Z logger.go:66:                           + level = (known after apply)
TestTerraformConfluentPlatformExample 2022-07-30T18:16:50Z logger.go:66:                           + role  = (known after apply)
TestTerraformConfluentPlatformExample 2022-07-30T18:16:50Z logger.go:66:                           + type  = (known after apply)
TestTerraformConfluentPlatformExample 2022-07-30T18:16:50Z logger.go:66:                           + user  = (known after apply)
TestTerraformConfluentPlatformExample 2022-07-30T18:16:50Z logger.go:66:                         }
TestTerraformConfluentPlatformExample 2022-07-30T18:16:50Z logger.go:66:                       + seccompProfile      = {
TestTerraformConfluentPlatformExample 2022-07-30T18:16:50Z logger.go:66:                           + localhostProfile = (known after apply)
TestTerraformConfluentPlatformExample 2022-07-30T18:16:50Z logger.go:66:                           + type             = (known after apply)
TestTerraformConfluentPlatformExample 2022-07-30T18:16:50Z logger.go:66:                         }
TestTerraformConfluentPlatformExample 2022-07-30T18:16:50Z logger.go:66:                       + supplementalGroups  = (known after apply)
TestTerraformConfluentPlatformExample 2022-07-30T18:16:50Z logger.go:66:                       + sysctls             = (known after apply)
TestTerraformConfluentPlatformExample 2022-07-30T18:16:50Z logger.go:66:                       + windowsOptions      = {
TestTerraformConfluentPlatformExample 2022-07-30T18:16:50Z logger.go:66:                           + gmsaCredentialSpec     = (known after apply)
TestTerraformConfluentPlatformExample 2022-07-30T18:16:50Z logger.go:66:                           + gmsaCredentialSpecName = (known after apply)
TestTerraformConfluentPlatformExample 2022-07-30T18:16:50Z logger.go:66:                           + hostProcess            = (known after apply)
TestTerraformConfluentPlatformExample 2022-07-30T18:16:50Z logger.go:66:                           + runAsUserName          = (known after apply)
TestTerraformConfluentPlatformExample 2022-07-30T18:16:50Z logger.go:66:                         }
TestTerraformConfluentPlatformExample 2022-07-30T18:16:50Z logger.go:66:                     }
TestTerraformConfluentPlatformExample 2022-07-30T18:16:50Z logger.go:66:                   + priorityClassName             = (known after apply)
TestTerraformConfluentPlatformExample 2022-07-30T18:16:50Z logger.go:66:                   + probe                         = {
TestTerraformConfluentPlatformExample 2022-07-30T18:16:50Z logger.go:66:                       + liveness  = {
TestTerraformConfluentPlatformExample 2022-07-30T18:16:50Z logger.go:66:                           + failureThreshold    = (known after apply)
TestTerraformConfluentPlatformExample 2022-07-30T18:16:50Z logger.go:66:                           + initialDelaySeconds = (known after apply)
TestTerraformConfluentPlatformExample 2022-07-30T18:16:50Z logger.go:66:                           + periodSeconds       = (known after apply)
TestTerraformConfluentPlatformExample 2022-07-30T18:16:50Z logger.go:66:                           + successThreshold    = (known after apply)
TestTerraformConfluentPlatformExample 2022-07-30T18:16:50Z logger.go:66:                           + timeoutSeconds      = (known after apply)
TestTerraformConfluentPlatformExample 2022-07-30T18:16:50Z logger.go:66:                         }
TestTerraformConfluentPlatformExample 2022-07-30T18:16:50Z logger.go:66:                       + readiness = {
TestTerraformConfluentPlatformExample 2022-07-30T18:16:50Z logger.go:66:                           + failureThreshold    = (known after apply)
TestTerraformConfluentPlatformExample 2022-07-30T18:16:50Z logger.go:66:                           + initialDelaySeconds = (known after apply)
TestTerraformConfluentPlatformExample 2022-07-30T18:16:50Z logger.go:66:                           + periodSeconds       = (known after apply)
TestTerraformConfluentPlatformExample 2022-07-30T18:16:50Z logger.go:66:                           + successThreshold    = (known after apply)
TestTerraformConfluentPlatformExample 2022-07-30T18:16:50Z logger.go:66:                           + timeoutSeconds      = (known after apply)
TestTerraformConfluentPlatformExample 2022-07-30T18:16:50Z logger.go:66:                         }
TestTerraformConfluentPlatformExample 2022-07-30T18:16:50Z logger.go:66:                     }
TestTerraformConfluentPlatformExample 2022-07-30T18:16:50Z logger.go:66:                   + resources                     = {
TestTerraformConfluentPlatformExample 2022-07-30T18:16:50Z logger.go:66:                       + limits   = (known after apply)
TestTerraformConfluentPlatformExample 2022-07-30T18:16:50Z logger.go:66:                       + requests = (known after apply)
TestTerraformConfluentPlatformExample 2022-07-30T18:16:50Z logger.go:66:                     }
TestTerraformConfluentPlatformExample 2022-07-30T18:16:50Z logger.go:66:                   + securityContext               = {
TestTerraformConfluentPlatformExample 2022-07-30T18:16:50Z logger.go:66:                       + allowPrivilegeEscalation = (known after apply)
TestTerraformConfluentPlatformExample 2022-07-30T18:16:50Z logger.go:66:                       + capabilities             = {
TestTerraformConfluentPlatformExample 2022-07-30T18:16:50Z logger.go:66:                           + add  = (known after apply)
TestTerraformConfluentPlatformExample 2022-07-30T18:16:50Z logger.go:66:                           + drop = (known after apply)
TestTerraformConfluentPlatformExample 2022-07-30T18:16:50Z logger.go:66:                         }
TestTerraformConfluentPlatformExample 2022-07-30T18:16:50Z logger.go:66:                       + privileged               = (known after apply)
TestTerraformConfluentPlatformExample 2022-07-30T18:16:50Z logger.go:66:                       + procMount                = (known after apply)
TestTerraformConfluentPlatformExample 2022-07-30T18:16:50Z logger.go:66:                       + readOnlyRootFilesystem   = (known after apply)
TestTerraformConfluentPlatformExample 2022-07-30T18:16:50Z logger.go:66:                       + runAsGroup               = (known after apply)
TestTerraformConfluentPlatformExample 2022-07-30T18:16:50Z logger.go:66:                       + runAsNonRoot             = (known after apply)
TestTerraformConfluentPlatformExample 2022-07-30T18:16:50Z logger.go:66:                       + runAsUser                = (known after apply)
TestTerraformConfluentPlatformExample 2022-07-30T18:16:50Z logger.go:66:                       + seLinuxOptions           = {
TestTerraformConfluentPlatformExample 2022-07-30T18:16:50Z logger.go:66:                           + level = (known after apply)
TestTerraformConfluentPlatformExample 2022-07-30T18:16:50Z logger.go:66:                           + role  = (known after apply)
TestTerraformConfluentPlatformExample 2022-07-30T18:16:50Z logger.go:66:                           + type  = (known after apply)
TestTerraformConfluentPlatformExample 2022-07-30T18:16:50Z logger.go:66:                           + user  = (known after apply)
TestTerraformConfluentPlatformExample 2022-07-30T18:16:50Z logger.go:66:                         }
TestTerraformConfluentPlatformExample 2022-07-30T18:16:50Z logger.go:66:                       + seccompProfile           = {
TestTerraformConfluentPlatformExample 2022-07-30T18:16:50Z logger.go:66:                           + localhostProfile = (known after apply)
TestTerraformConfluentPlatformExample 2022-07-30T18:16:50Z logger.go:66:                           + type             = (known after apply)
TestTerraformConfluentPlatformExample 2022-07-30T18:16:51Z logger.go:66:                         }
TestTerraformConfluentPlatformExample 2022-07-30T18:16:51Z logger.go:66:                       + windowsOptions           = {
TestTerraformConfluentPlatformExample 2022-07-30T18:16:51Z logger.go:66:                           + gmsaCredentialSpec     = (known after apply)
TestTerraformConfluentPlatformExample 2022-07-30T18:16:51Z logger.go:66:                           + gmsaCredentialSpecName = (known after apply)
TestTerraformConfluentPlatformExample 2022-07-30T18:16:51Z logger.go:66:                           + hostProcess            = (known after apply)
TestTerraformConfluentPlatformExample 2022-07-30T18:16:51Z logger.go:66:                           + runAsUserName          = (known after apply)
TestTerraformConfluentPlatformExample 2022-07-30T18:16:51Z logger.go:66:                         }
TestTerraformConfluentPlatformExample 2022-07-30T18:16:51Z logger.go:66:                     }
TestTerraformConfluentPlatformExample 2022-07-30T18:16:51Z logger.go:66:                   + serviceAccountName            = (known after apply)
TestTerraformConfluentPlatformExample 2022-07-30T18:16:51Z logger.go:66:                   + terminationGracePeriodSeconds = (known after apply)
TestTerraformConfluentPlatformExample 2022-07-30T18:16:51Z logger.go:66:                   + tolerations                   = (known after apply)
TestTerraformConfluentPlatformExample 2022-07-30T18:16:51Z logger.go:66:                   + topologySpreadConstraints     = (known after apply)
TestTerraformConfluentPlatformExample 2022-07-30T18:16:51Z logger.go:66:                 }
TestTerraformConfluentPlatformExample 2022-07-30T18:16:51Z logger.go:66:               + replicas           = 3
TestTerraformConfluentPlatformExample 2022-07-30T18:16:51Z logger.go:66:               + storageClass       = {
TestTerraformConfluentPlatformExample 2022-07-30T18:16:51Z logger.go:66:                   + name = (known after apply)
TestTerraformConfluentPlatformExample 2022-07-30T18:16:51Z logger.go:66:                 }
TestTerraformConfluentPlatformExample 2022-07-30T18:16:51Z logger.go:66:               + tls                = {
TestTerraformConfluentPlatformExample 2022-07-30T18:16:51Z logger.go:66:                   + autoGeneratedCerts       = (known after apply)
TestTerraformConfluentPlatformExample 2022-07-30T18:16:51Z logger.go:66:                   + directoryPathInContainer = (known after apply)
TestTerraformConfluentPlatformExample 2022-07-30T18:16:51Z logger.go:66:                   + ignoreTrustStoreConfig   = (known after apply)
TestTerraformConfluentPlatformExample 2022-07-30T18:16:51Z logger.go:66:                   + jksPassword              = {
TestTerraformConfluentPlatformExample 2022-07-30T18:16:51Z logger.go:66:                       + secretRef = (known after apply)
TestTerraformConfluentPlatformExample 2022-07-30T18:16:51Z logger.go:66:                     }
TestTerraformConfluentPlatformExample 2022-07-30T18:16:51Z logger.go:66:                   + secretRef                = (known after apply)
TestTerraformConfluentPlatformExample 2022-07-30T18:16:51Z logger.go:66:                 }
TestTerraformConfluentPlatformExample 2022-07-30T18:16:51Z logger.go:66:             }
TestTerraformConfluentPlatformExample 2022-07-30T18:16:51Z logger.go:66:         }
TestTerraformConfluentPlatformExample 2022-07-30T18:16:51Z logger.go:66:
TestTerraformConfluentPlatformExample 2022-07-30T18:16:51Z logger.go:66:       + timeouts {
TestTerraformConfluentPlatformExample 2022-07-30T18:16:51Z logger.go:66:           + create = "1h"
TestTerraformConfluentPlatformExample 2022-07-30T18:16:51Z logger.go:66:           + delete = "10m"
TestTerraformConfluentPlatformExample 2022-07-30T18:16:51Z logger.go:66:           + update = "1h"
TestTerraformConfluentPlatformExample 2022-07-30T18:16:51Z logger.go:66:         }
TestTerraformConfluentPlatformExample 2022-07-30T18:16:51Z logger.go:66:
TestTerraformConfluentPlatformExample 2022-07-30T18:16:51Z logger.go:66:       + wait {
TestTerraformConfluentPlatformExample 2022-07-30T18:16:51Z logger.go:66:           + fields = {
TestTerraformConfluentPlatformExample 2022-07-30T18:16:51Z logger.go:66:               + "status.phase" = "RUNNING"
TestTerraformConfluentPlatformExample 2022-07-30T18:16:51Z logger.go:66:             }
TestTerraformConfluentPlatformExample 2022-07-30T18:16:51Z logger.go:66:         }
TestTerraformConfluentPlatformExample 2022-07-30T18:16:51Z logger.go:66:     }
TestTerraformConfluentPlatformExample 2022-07-30T18:16:51Z logger.go:66:
TestTerraformConfluentPlatformExample 2022-07-30T18:16:51Z logger.go:66: Plan: 7 to add, 0 to change, 0 to destroy.
TestTerraformConfluentPlatformExample 2022-07-30T18:16:51Z logger.go:66:
TestTerraformConfluentPlatformExample 2022-07-30T18:16:51Z logger.go:66: Changes to Outputs:
TestTerraformConfluentPlatformExample 2022-07-30T18:16:51Z logger.go:66:   + connect        = {
TestTerraformConfluentPlatformExample 2022-07-30T18:16:51Z logger.go:66:       + apiVersion = "platform.confluent.io/v1beta1"
TestTerraformConfluentPlatformExample 2022-07-30T18:16:51Z logger.go:66:       + kind       = "Connect"
TestTerraformConfluentPlatformExample 2022-07-30T18:16:51Z logger.go:66:       + metadata   = {
TestTerraformConfluentPlatformExample 2022-07-30T18:16:51Z logger.go:66:           + name      = "connect"
TestTerraformConfluentPlatformExample 2022-07-30T18:16:51Z logger.go:66:           + namespace = "confluent"
TestTerraformConfluentPlatformExample 2022-07-30T18:16:51Z logger.go:66:         }
TestTerraformConfluentPlatformExample 2022-07-30T18:16:51Z logger.go:66:       + spec       = {
TestTerraformConfluentPlatformExample 2022-07-30T18:16:51Z logger.go:66:           + dependencies = {
TestTerraformConfluentPlatformExample 2022-07-30T18:16:51Z logger.go:66:               + kafka = {
TestTerraformConfluentPlatformExample 2022-07-30T18:16:51Z logger.go:66:                   + bootstrapEndpoint = "kafka:9071"
TestTerraformConfluentPlatformExample 2022-07-30T18:16:51Z logger.go:66:                 }
TestTerraformConfluentPlatformExample 2022-07-30T18:16:51Z logger.go:66:             }
TestTerraformConfluentPlatformExample 2022-07-30T18:16:51Z logger.go:66:           + image        = {
TestTerraformConfluentPlatformExample 2022-07-30T18:16:51Z logger.go:66:               + application = "confluentinc/cp-server-connect:7.2.0"
TestTerraformConfluentPlatformExample 2022-07-30T18:16:51Z logger.go:66:               + init        = "confluentinc/confluent-init-container:2.4.0"
TestTerraformConfluentPlatformExample 2022-07-30T18:16:51Z logger.go:66:             }
TestTerraformConfluentPlatformExample 2022-07-30T18:16:51Z logger.go:66:           + replicas     = 1
TestTerraformConfluentPlatformExample 2022-07-30T18:16:51Z logger.go:66:         }
TestTerraformConfluentPlatformExample 2022-07-30T18:16:51Z logger.go:66:     }
TestTerraformConfluentPlatformExample 2022-07-30T18:16:51Z logger.go:66:   + controlcenter  = {
TestTerraformConfluentPlatformExample 2022-07-30T18:16:51Z logger.go:66:       + apiVersion = "platform.confluent.io/v1beta1"
TestTerraformConfluentPlatformExample 2022-07-30T18:16:51Z logger.go:66:       + kind       = "ControlCenter"
TestTerraformConfluentPlatformExample 2022-07-30T18:16:51Z logger.go:66:       + metadata   = {
TestTerraformConfluentPlatformExample 2022-07-30T18:16:51Z logger.go:66:           + name      = "controlcenter"
TestTerraformConfluentPlatformExample 2022-07-30T18:16:51Z logger.go:66:           + namespace = "confluent"
TestTerraformConfluentPlatformExample 2022-07-30T18:16:51Z logger.go:66:         }
TestTerraformConfluentPlatformExample 2022-07-30T18:16:51Z logger.go:66:       + spec       = {
TestTerraformConfluentPlatformExample 2022-07-30T18:16:51Z logger.go:66:           + dataVolumeCapacity = "10Gi"
TestTerraformConfluentPlatformExample 2022-07-30T18:16:51Z logger.go:66:           + dependencies       = {
TestTerraformConfluentPlatformExample 2022-07-30T18:16:51Z logger.go:66:               + connect        = [
TestTerraformConfluentPlatformExample 2022-07-30T18:16:51Z logger.go:66:                   + {
TestTerraformConfluentPlatformExample 2022-07-30T18:16:51Z logger.go:66:                       + name = "connect"
TestTerraformConfluentPlatformExample 2022-07-30T18:16:51Z logger.go:66:                       + url  = "http://connect.confluent.svc.cluster.local:8083"
TestTerraformConfluentPlatformExample 2022-07-30T18:16:51Z logger.go:66:                     },
TestTerraformConfluentPlatformExample 2022-07-30T18:16:51Z logger.go:66:                 ]
TestTerraformConfluentPlatformExample 2022-07-30T18:16:51Z logger.go:66:               + ksqldb         = [
TestTerraformConfluentPlatformExample 2022-07-30T18:16:51Z logger.go:66:                   + {
TestTerraformConfluentPlatformExample 2022-07-30T18:16:51Z logger.go:66:                       + name = "ksqldb"
TestTerraformConfluentPlatformExample 2022-07-30T18:16:51Z logger.go:66:                       + url  = "http://ksqldb.confluent.svc.cluster.local:8088"
TestTerraformConfluentPlatformExample 2022-07-30T18:16:51Z logger.go:66:                     },
TestTerraformConfluentPlatformExample 2022-07-30T18:16:51Z logger.go:66:                 ]
TestTerraformConfluentPlatformExample 2022-07-30T18:16:51Z logger.go:66:               + schemaRegistry = {
TestTerraformConfluentPlatformExample 2022-07-30T18:16:51Z logger.go:66:                   + url = "http://schemaregistry.confluent.svc.cluster.local:8081"
TestTerraformConfluentPlatformExample 2022-07-30T18:16:51Z logger.go:66:                 }
TestTerraformConfluentPlatformExample 2022-07-30T18:16:51Z logger.go:66:             }
TestTerraformConfluentPlatformExample 2022-07-30T18:16:51Z logger.go:66:           + image              = {
TestTerraformConfluentPlatformExample 2022-07-30T18:16:51Z logger.go:66:               + application = "confluentinc/cp-enterprise-control-center:7.2.0"
TestTerraformConfluentPlatformExample 2022-07-30T18:16:51Z logger.go:66:               + init        = "confluentinc/confluent-init-container:2.4.0"
TestTerraformConfluentPlatformExample 2022-07-30T18:16:51Z logger.go:66:             }
TestTerraformConfluentPlatformExample 2022-07-30T18:16:51Z logger.go:66:           + replicas           = 1
TestTerraformConfluentPlatformExample 2022-07-30T18:16:51Z logger.go:66:         }
TestTerraformConfluentPlatformExample 2022-07-30T18:16:51Z logger.go:66:     }
TestTerraformConfluentPlatformExample 2022-07-30T18:16:51Z logger.go:66:   + kafka          = {
TestTerraformConfluentPlatformExample 2022-07-30T18:16:51Z logger.go:66:       + apiVersion = "platform.confluent.io/v1beta1"
TestTerraformConfluentPlatformExample 2022-07-30T18:16:51Z logger.go:66:       + kind       = "Kafka"
TestTerraformConfluentPlatformExample 2022-07-30T18:16:51Z logger.go:66:       + metadata   = {
TestTerraformConfluentPlatformExample 2022-07-30T18:16:51Z logger.go:66:           + name      = "kafka"
TestTerraformConfluentPlatformExample 2022-07-30T18:16:51Z logger.go:66:           + namespace = "confluent"
TestTerraformConfluentPlatformExample 2022-07-30T18:16:51Z logger.go:66:         }
TestTerraformConfluentPlatformExample 2022-07-30T18:16:51Z logger.go:66:       + spec       = {
TestTerraformConfluentPlatformExample 2022-07-30T18:16:51Z logger.go:66:           + dataVolumeCapacity = "10Gi"
TestTerraformConfluentPlatformExample 2022-07-30T18:16:51Z logger.go:66:           + image              = {
TestTerraformConfluentPlatformExample 2022-07-30T18:16:51Z logger.go:66:               + application = "confluentinc/cp-server:7.2.0"
TestTerraformConfluentPlatformExample 2022-07-30T18:16:51Z logger.go:66:               + init        = "confluentinc/confluent-init-container:2.4.0"
TestTerraformConfluentPlatformExample 2022-07-30T18:16:51Z logger.go:66:             }
TestTerraformConfluentPlatformExample 2022-07-30T18:16:51Z logger.go:66:           + metricReporter     = {
TestTerraformConfluentPlatformExample 2022-07-30T18:16:51Z logger.go:66:               + enabled = true
TestTerraformConfluentPlatformExample 2022-07-30T18:16:51Z logger.go:66:             }
TestTerraformConfluentPlatformExample 2022-07-30T18:16:51Z logger.go:66:           + replicas           = 3
TestTerraformConfluentPlatformExample 2022-07-30T18:16:51Z logger.go:66:         }
TestTerraformConfluentPlatformExample 2022-07-30T18:16:51Z logger.go:66:     }
TestTerraformConfluentPlatformExample 2022-07-30T18:16:51Z logger.go:66:   + kafkarestproxy = {
TestTerraformConfluentPlatformExample 2022-07-30T18:16:51Z logger.go:66:       + apiVersion = "platform.confluent.io/v1beta1"
TestTerraformConfluentPlatformExample 2022-07-30T18:16:51Z logger.go:66:       + kind       = "KafkaRestProxy"
TestTerraformConfluentPlatformExample 2022-07-30T18:16:51Z logger.go:66:       + metadata   = {
TestTerraformConfluentPlatformExample 2022-07-30T18:16:51Z logger.go:66:           + name      = "kafkarestproxy"
TestTerraformConfluentPlatformExample 2022-07-30T18:16:51Z logger.go:66:           + namespace = "confluent"
TestTerraformConfluentPlatformExample 2022-07-30T18:16:51Z logger.go:66:         }
TestTerraformConfluentPlatformExample 2022-07-30T18:16:51Z logger.go:66:       + spec       = {
TestTerraformConfluentPlatformExample 2022-07-30T18:16:51Z logger.go:66:           + dependencies = {
TestTerraformConfluentPlatformExample 2022-07-30T18:16:51Z logger.go:66:               + schemaRegistry = {
TestTerraformConfluentPlatformExample 2022-07-30T18:16:51Z logger.go:66:                   + url = "http://schemaregistry.confluent.svc.cluster.local:8081"
TestTerraformConfluentPlatformExample 2022-07-30T18:16:51Z logger.go:66:                 }
TestTerraformConfluentPlatformExample 2022-07-30T18:16:51Z logger.go:66:             }
TestTerraformConfluentPlatformExample 2022-07-30T18:16:51Z logger.go:66:           + image        = {
TestTerraformConfluentPlatformExample 2022-07-30T18:16:51Z logger.go:66:               + application = "confluentinc/cp-kafka-rest:7.2.0"
TestTerraformConfluentPlatformExample 2022-07-30T18:16:51Z logger.go:66:               + init        = "confluentinc/confluent-init-container:2.4.0"
TestTerraformConfluentPlatformExample 2022-07-30T18:16:51Z logger.go:66:             }
TestTerraformConfluentPlatformExample 2022-07-30T18:16:51Z logger.go:66:           + replicas     = 1
TestTerraformConfluentPlatformExample 2022-07-30T18:16:51Z logger.go:66:         }
TestTerraformConfluentPlatformExample 2022-07-30T18:16:51Z logger.go:66:     }
TestTerraformConfluentPlatformExample 2022-07-30T18:16:51Z logger.go:66:   + ksqldb         = {
TestTerraformConfluentPlatformExample 2022-07-30T18:16:51Z logger.go:66:       + apiVersion = "platform.confluent.io/v1beta1"
TestTerraformConfluentPlatformExample 2022-07-30T18:16:51Z logger.go:66:       + kind       = "KsqlDB"
TestTerraformConfluentPlatformExample 2022-07-30T18:16:51Z logger.go:66:       + metadata   = {
TestTerraformConfluentPlatformExample 2022-07-30T18:16:51Z logger.go:66:           + name      = "ksqldb"
TestTerraformConfluentPlatformExample 2022-07-30T18:16:51Z logger.go:66:           + namespace = "confluent"
TestTerraformConfluentPlatformExample 2022-07-30T18:16:51Z logger.go:66:         }
TestTerraformConfluentPlatformExample 2022-07-30T18:16:51Z logger.go:66:       + spec       = {
TestTerraformConfluentPlatformExample 2022-07-30T18:16:51Z logger.go:66:           + dataVolumeCapacity = "10Gi"
TestTerraformConfluentPlatformExample 2022-07-30T18:16:51Z logger.go:66:           + image              = {
TestTerraformConfluentPlatformExample 2022-07-30T18:16:51Z logger.go:66:               + application = "confluentinc/cp-ksqldb-server:7.2.0"
TestTerraformConfluentPlatformExample 2022-07-30T18:16:51Z logger.go:66:               + init        = "confluentinc/confluent-init-container:2.4.0"
TestTerraformConfluentPlatformExample 2022-07-30T18:16:51Z logger.go:66:             }
TestTerraformConfluentPlatformExample 2022-07-30T18:16:51Z logger.go:66:           + replicas           = 1
TestTerraformConfluentPlatformExample 2022-07-30T18:16:51Z logger.go:66:         }
TestTerraformConfluentPlatformExample 2022-07-30T18:16:51Z logger.go:66:     }
TestTerraformConfluentPlatformExample 2022-07-30T18:16:51Z logger.go:66:   + namespace      = "confluent"
TestTerraformConfluentPlatformExample 2022-07-30T18:16:51Z logger.go:66:   + schemaregistry = {
TestTerraformConfluentPlatformExample 2022-07-30T18:16:51Z logger.go:66:       + apiVersion = "platform.confluent.io/v1beta1"
TestTerraformConfluentPlatformExample 2022-07-30T18:16:51Z logger.go:66:       + kind       = "SchemaRegistry"
TestTerraformConfluentPlatformExample 2022-07-30T18:16:51Z logger.go:66:       + metadata   = {
TestTerraformConfluentPlatformExample 2022-07-30T18:16:51Z logger.go:66:           + name      = "schemaregistry"
TestTerraformConfluentPlatformExample 2022-07-30T18:16:51Z logger.go:66:           + namespace = "confluent"
TestTerraformConfluentPlatformExample 2022-07-30T18:16:51Z logger.go:66:         }
TestTerraformConfluentPlatformExample 2022-07-30T18:16:51Z logger.go:66:       + spec       = {
TestTerraformConfluentPlatformExample 2022-07-30T18:16:51Z logger.go:66:           + image    = {
TestTerraformConfluentPlatformExample 2022-07-30T18:16:51Z logger.go:66:               + application = "confluentinc/cp-schema-registry:7.2.0"
TestTerraformConfluentPlatformExample 2022-07-30T18:16:51Z logger.go:66:               + init        = "confluentinc/confluent-init-container:2.4.0"
TestTerraformConfluentPlatformExample 2022-07-30T18:16:51Z logger.go:66:             }
TestTerraformConfluentPlatformExample 2022-07-30T18:16:51Z logger.go:66:           + replicas = 3
TestTerraformConfluentPlatformExample 2022-07-30T18:16:51Z logger.go:66:         }
TestTerraformConfluentPlatformExample 2022-07-30T18:16:51Z logger.go:66:     }
TestTerraformConfluentPlatformExample 2022-07-30T18:16:51Z logger.go:66:   + zookeeper      = {
TestTerraformConfluentPlatformExample 2022-07-30T18:16:51Z logger.go:66:       + apiVersion = "platform.confluent.io/v1beta1"
TestTerraformConfluentPlatformExample 2022-07-30T18:16:51Z logger.go:66:       + kind       = "Zookeeper"
TestTerraformConfluentPlatformExample 2022-07-30T18:16:51Z logger.go:66:       + metadata   = {
TestTerraformConfluentPlatformExample 2022-07-30T18:16:51Z logger.go:66:           + name      = "zookeeper"
TestTerraformConfluentPlatformExample 2022-07-30T18:16:51Z logger.go:66:           + namespace = "confluent"
TestTerraformConfluentPlatformExample 2022-07-30T18:16:51Z logger.go:66:         }
TestTerraformConfluentPlatformExample 2022-07-30T18:16:51Z logger.go:66:       + spec       = {
TestTerraformConfluentPlatformExample 2022-07-30T18:16:51Z logger.go:66:           + dataVolumeCapacity = "10Gi"
TestTerraformConfluentPlatformExample 2022-07-30T18:16:51Z logger.go:66:           + image              = {
TestTerraformConfluentPlatformExample 2022-07-30T18:16:51Z logger.go:66:               + application = "confluentinc/cp-zookeeper:7.2.0"
TestTerraformConfluentPlatformExample 2022-07-30T18:16:51Z logger.go:66:               + init        = "confluentinc/confluent-init-container:2.4.0"
TestTerraformConfluentPlatformExample 2022-07-30T18:16:51Z logger.go:66:             }
TestTerraformConfluentPlatformExample 2022-07-30T18:16:51Z logger.go:66:           + logVolumeCapacity  = "10Gi"
TestTerraformConfluentPlatformExample 2022-07-30T18:16:51Z logger.go:66:           + replicas           = 3
TestTerraformConfluentPlatformExample 2022-07-30T18:16:51Z logger.go:66:         }
TestTerraformConfluentPlatformExample 2022-07-30T18:16:51Z logger.go:66:     }
TestTerraformConfluentPlatformExample 2022-07-30T18:17:00Z logger.go:66: module.confluent_platform.kubernetes_manifest.component["zookeeper"]: Creating...
TestTerraformConfluentPlatformExample 2022-07-30T18:17:01Z logger.go:66: module.confluent_platform.kubernetes_manifest.component["controlcenter"]: Creating...
TestTerraformConfluentPlatformExample 2022-07-30T18:17:01Z logger.go:66: module.confluent_platform.kubernetes_manifest.component["kafkarestproxy"]: Creating...
TestTerraformConfluentPlatformExample 2022-07-30T18:17:01Z logger.go:66: module.confluent_platform.kubernetes_manifest.component["schemaregistry"]: Creating...
TestTerraformConfluentPlatformExample 2022-07-30T18:17:02Z logger.go:66: module.confluent_platform.kubernetes_manifest.component["ksqldb"]: Creating...
TestTerraformConfluentPlatformExample 2022-07-30T18:17:02Z logger.go:66: module.confluent_platform.kubernetes_manifest.component["connect"]: Creating...
TestTerraformConfluentPlatformExample 2022-07-30T18:17:02Z logger.go:66: module.confluent_platform.kubernetes_manifest.component["kafka"]: Creating...
TestTerraformConfluentPlatformExample 2022-07-30T18:17:10Z logger.go:66: module.confluent_platform.kubernetes_manifest.component["zookeeper"]: Still creating... [10s elapsed]
TestTerraformConfluentPlatformExample 2022-07-30T18:17:11Z logger.go:66: module.confluent_platform.kubernetes_manifest.component["controlcenter"]: Still creating... [10s elapsed]
TestTerraformConfluentPlatformExample 2022-07-30T18:17:11Z logger.go:66: module.confluent_platform.kubernetes_manifest.component["kafkarestproxy"]: Still creating... [10s elapsed]
TestTerraformConfluentPlatformExample 2022-07-30T18:17:11Z logger.go:66: module.confluent_platform.kubernetes_manifest.component["schemaregistry"]: Still creating... [10s elapsed]
TestTerraformConfluentPlatformExample 2022-07-30T18:17:12Z logger.go:66: module.confluent_platform.kubernetes_manifest.component["ksqldb"]: Still creating... [10s elapsed]
TestTerraformConfluentPlatformExample 2022-07-30T18:17:12Z logger.go:66: module.confluent_platform.kubernetes_manifest.component["connect"]: Still creating... [10s elapsed]
TestTerraformConfluentPlatformExample 2022-07-30T18:17:12Z logger.go:66: module.confluent_platform.kubernetes_manifest.component["kafka"]: Still creating... [10s elapsed]
TestTerraformConfluentPlatformExample 2022-07-30T18:17:21Z logger.go:66: module.confluent_platform.kubernetes_manifest.component["zookeeper"]: Still creating... [20s elapsed]
TestTerraformConfluentPlatformExample 2022-07-30T18:17:21Z logger.go:66: module.confluent_platform.kubernetes_manifest.component["controlcenter"]: Still creating... [20s elapsed]
TestTerraformConfluentPlatformExample 2022-07-30T18:17:21Z logger.go:66: module.confluent_platform.kubernetes_manifest.component["kafkarestproxy"]: Still creating... [20s elapsed]
TestTerraformConfluentPlatformExample 2022-07-30T18:17:21Z logger.go:66: module.confluent_platform.kubernetes_manifest.component["schemaregistry"]: Still creating... [20s elapsed]
TestTerraformConfluentPlatformExample 2022-07-30T18:17:22Z logger.go:66: module.confluent_platform.kubernetes_manifest.component["ksqldb"]: Still creating... [20s elapsed]
TestTerraformConfluentPlatformExample 2022-07-30T18:17:22Z logger.go:66: module.confluent_platform.kubernetes_manifest.component["connect"]: Still creating... [20s elapsed]
TestTerraformConfluentPlatformExample 2022-07-30T18:17:22Z logger.go:66: module.confluent_platform.kubernetes_manifest.component["kafka"]: Still creating... [20s elapsed]
TestTerraformConfluentPlatformExample 2022-07-30T18:17:31Z logger.go:66: module.confluent_platform.kubernetes_manifest.component["zookeeper"]: Still creating... [30s elapsed]
TestTerraformConfluentPlatformExample 2022-07-30T18:17:31Z logger.go:66: module.confluent_platform.kubernetes_manifest.component["controlcenter"]: Still creating... [30s elapsed]
TestTerraformConfluentPlatformExample 2022-07-30T18:17:31Z logger.go:66: module.confluent_platform.kubernetes_manifest.component["kafkarestproxy"]: Still creating... [30s elapsed]
TestTerraformConfluentPlatformExample 2022-07-30T18:17:31Z logger.go:66: module.confluent_platform.kubernetes_manifest.component["schemaregistry"]: Still creating... [30s elapsed]
TestTerraformConfluentPlatformExample 2022-07-30T18:17:32Z logger.go:66: module.confluent_platform.kubernetes_manifest.component["ksqldb"]: Still creating... [30s elapsed]
TestTerraformConfluentPlatformExample 2022-07-30T18:17:32Z logger.go:66: module.confluent_platform.kubernetes_manifest.component["connect"]: Still creating... [30s elapsed]
TestTerraformConfluentPlatformExample 2022-07-30T18:17:32Z logger.go:66: module.confluent_platform.kubernetes_manifest.component["kafka"]: Still creating... [30s elapsed]
TestTerraformConfluentPlatformExample 2022-07-30T18:17:40Z logger.go:66: module.confluent_platform.kubernetes_manifest.component["zookeeper"]: Still creating... [40s elapsed]
TestTerraformConfluentPlatformExample 2022-07-30T18:17:41Z logger.go:66: module.confluent_platform.kubernetes_manifest.component["controlcenter"]: Still creating... [40s elapsed]
TestTerraformConfluentPlatformExample 2022-07-30T18:17:41Z logger.go:66: module.confluent_platform.kubernetes_manifest.component["kafkarestproxy"]: Still creating... [40s elapsed]
TestTerraformConfluentPlatformExample 2022-07-30T18:17:41Z logger.go:66: module.confluent_platform.kubernetes_manifest.component["schemaregistry"]: Still creating... [40s elapsed]
TestTerraformConfluentPlatformExample 2022-07-30T18:17:42Z logger.go:66: module.confluent_platform.kubernetes_manifest.component["ksqldb"]: Still creating... [40s elapsed]
TestTerraformConfluentPlatformExample 2022-07-30T18:17:42Z logger.go:66: module.confluent_platform.kubernetes_manifest.component["connect"]: Still creating... [40s elapsed]
TestTerraformConfluentPlatformExample 2022-07-30T18:17:42Z logger.go:66: module.confluent_platform.kubernetes_manifest.component["kafka"]: Still creating... [40s elapsed]
TestTerraformConfluentPlatformExample 2022-07-30T18:17:47Z logger.go:66: module.confluent_platform.kubernetes_manifest.component["zookeeper"]: Creation complete after 47s
TestTerraformConfluentPlatformExample 2022-07-30T18:17:51Z logger.go:66: module.confluent_platform.kubernetes_manifest.component["controlcenter"]: Still creating... [50s elapsed]
TestTerraformConfluentPlatformExample 2022-07-30T18:17:51Z logger.go:66: module.confluent_platform.kubernetes_manifest.component["kafkarestproxy"]: Still creating... [50s elapsed]
TestTerraformConfluentPlatformExample 2022-07-30T18:17:51Z logger.go:66: module.confluent_platform.kubernetes_manifest.component["schemaregistry"]: Still creating... [50s elapsed]
TestTerraformConfluentPlatformExample 2022-07-30T18:17:52Z logger.go:66: module.confluent_platform.kubernetes_manifest.component["ksqldb"]: Still creating... [50s elapsed]
TestTerraformConfluentPlatformExample 2022-07-30T18:17:52Z logger.go:66: module.confluent_platform.kubernetes_manifest.component["connect"]: Still creating... [50s elapsed]
TestTerraformConfluentPlatformExample 2022-07-30T18:17:52Z logger.go:66: module.confluent_platform.kubernetes_manifest.component["kafka"]: Still creating... [50s elapsed]
TestTerraformConfluentPlatformExample 2022-07-30T18:18:12Z logger.go:66: module.confluent_platform.kubernetes_manifest.component["ksqldb"]: Still creating... [1m10s elapsed]
TestTerraformConfluentPlatformExample 2022-07-30T18:18:12Z logger.go:66: module.confluent_platform.kubernetes_manifest.component["connect"]: Still creating... [1m10s elapsed]
TestTerraformConfluentPlatformExample 2022-07-30T18:18:12Z logger.go:66: module.confluent_platform.kubernetes_manifest.component["schemaregistry"]: Still creating... [1m10s elapsed]
TestTerraformConfluentPlatformExample 2022-07-30T18:18:12Z logger.go:66: module.confluent_platform.kubernetes_manifest.component["kafka"]: Still creating... [1m10s elapsed]
TestTerraformConfluentPlatformExample 2022-07-30T18:18:12Z logger.go:66: module.confluent_platform.kubernetes_manifest.component["kafkarestproxy"]: Still creating... [1m10s elapsed]
TestTerraformConfluentPlatformExample 2022-07-30T18:18:12Z logger.go:66: module.confluent_platform.kubernetes_manifest.component["controlcenter"]: Still creating... [1m11s elapsed]
TestTerraformConfluentPlatformExample 2022-07-30T19:28:55Z logger.go:66: module.confluent_platform.kubernetes_manifest.component["ksqldb"]: Still creating... [1h11m54s elapsed]
TestTerraformConfluentPlatformExample 2022-07-30T19:28:55Z logger.go:66: module.confluent_platform.kubernetes_manifest.component["connect"]: Still creating... [1h11m54s elapsed]
TestTerraformConfluentPlatformExample 2022-07-30T19:28:55Z logger.go:66: module.confluent_platform.kubernetes_manifest.component["schemaregistry"]: Still creating... [1h11m54s elapsed]
TestTerraformConfluentPlatformExample 2022-07-30T19:28:55Z logger.go:66: module.confluent_platform.kubernetes_manifest.component["kafka"]: Still creating... [1h11m54s elapsed]
TestTerraformConfluentPlatformExample 2022-07-30T19:28:55Z logger.go:66: module.confluent_platform.kubernetes_manifest.component["kafkarestproxy"]: Still creating... [1h11m54s elapsed]
TestTerraformConfluentPlatformExample 2022-07-30T19:28:55Z logger.go:66: module.confluent_platform.kubernetes_manifest.component["controlcenter"]: Still creating... [1h11m55s elapsed]
TestTerraformConfluentPlatformExample 2022-07-30T19:29:05Z logger.go:66: module.confluent_platform.kubernetes_manifest.component["ksqldb"]: Still creating... [1h12m4s elapsed]
TestTerraformConfluentPlatformExample 2022-07-30T19:29:05Z logger.go:66: module.confluent_platform.kubernetes_manifest.component["connect"]: Still creating... [1h12m4s elapsed]
TestTerraformConfluentPlatformExample 2022-07-30T19:29:05Z logger.go:66: module.confluent_platform.kubernetes_manifest.component["schemaregistry"]: Still creating... [1h12m4s elapsed]
TestTerraformConfluentPlatformExample 2022-07-30T19:29:05Z logger.go:66: module.confluent_platform.kubernetes_manifest.component["kafka"]: Still creating... [1h12m4s elapsed]
TestTerraformConfluentPlatformExample 2022-07-30T19:29:05Z logger.go:66: module.confluent_platform.kubernetes_manifest.component["kafkarestproxy"]: Still creating... [1h12m4s elapsed]
TestTerraformConfluentPlatformExample 2022-07-30T19:29:05Z logger.go:66: module.confluent_platform.kubernetes_manifest.component["controlcenter"]: Still creating... [1h12m5s elapsed]
TestTerraformConfluentPlatformExample 2022-07-30T19:29:15Z logger.go:66: module.confluent_platform.kubernetes_manifest.component["ksqldb"]: Still creating... [1h12m14s elapsed]
TestTerraformConfluentPlatformExample 2022-07-30T19:29:15Z logger.go:66: module.confluent_platform.kubernetes_manifest.component["connect"]: Still creating... [1h12m14s elapsed]
TestTerraformConfluentPlatformExample 2022-07-30T19:29:15Z logger.go:66: module.confluent_platform.kubernetes_manifest.component["schemaregistry"]: Still creating... [1h12m14s elapsed]
TestTerraformConfluentPlatformExample 2022-07-30T19:29:15Z logger.go:66: module.confluent_platform.kubernetes_manifest.component["kafka"]: Still creating... [1h12m14s elapsed]
TestTerraformConfluentPlatformExample 2022-07-30T19:29:15Z logger.go:66: module.confluent_platform.kubernetes_manifest.component["kafkarestproxy"]: Still creating... [1h12m14s elapsed]
TestTerraformConfluentPlatformExample 2022-07-30T19:29:15Z logger.go:66: module.confluent_platform.kubernetes_manifest.component["controlcenter"]: Still creating... [1h12m15s elapsed]
TestTerraformConfluentPlatformExample 2022-07-30T19:29:25Z logger.go:66: module.confluent_platform.kubernetes_manifest.component["ksqldb"]: Still creating... [1h12m23s elapsed]
TestTerraformConfluentPlatformExample 2022-07-30T19:29:25Z logger.go:66: module.confluent_platform.kubernetes_manifest.component["connect"]: Still creating... [1h12m23s elapsed]
TestTerraformConfluentPlatformExample 2022-07-30T19:29:25Z logger.go:66: module.confluent_platform.kubernetes_manifest.component["schemaregistry"]: Still creating... [1h12m23s elapsed]
TestTerraformConfluentPlatformExample 2022-07-30T19:29:25Z logger.go:66: module.confluent_platform.kubernetes_manifest.component["kafka"]: Still creating... [1h12m23s elapsed]
TestTerraformConfluentPlatformExample 2022-07-30T19:29:25Z logger.go:66: module.confluent_platform.kubernetes_manifest.component["kafkarestproxy"]: Still creating... [1h12m23s elapsed]
TestTerraformConfluentPlatformExample 2022-07-30T19:29:25Z logger.go:66: module.confluent_platform.kubernetes_manifest.component["controlcenter"]: Still creating... [1h12m24s elapsed]
TestTerraformConfluentPlatformExample 2022-07-30T19:29:35Z logger.go:66: module.confluent_platform.kubernetes_manifest.component["ksqldb"]: Still creating... [1h12m33s elapsed]
TestTerraformConfluentPlatformExample 2022-07-30T19:29:35Z logger.go:66: module.confluent_platform.kubernetes_manifest.component["connect"]: Still creating... [1h12m33s elapsed]
TestTerraformConfluentPlatformExample 2022-07-30T19:29:35Z logger.go:66: module.confluent_platform.kubernetes_manifest.component["kafka"]: Still creating... [1h12m33s elapsed]
TestTerraformConfluentPlatformExample 2022-07-30T19:29:35Z logger.go:66: module.confluent_platform.kubernetes_manifest.component["schemaregistry"]: Still creating... [1h12m33s elapsed]
TestTerraformConfluentPlatformExample 2022-07-30T19:29:35Z logger.go:66: module.confluent_platform.kubernetes_manifest.component["kafkarestproxy"]: Still creating... [1h12m33s elapsed]
TestTerraformConfluentPlatformExample 2022-07-30T19:29:35Z logger.go:66: module.confluent_platform.kubernetes_manifest.component["controlcenter"]: Still creating... [1h12m34s elapsed]
TestTerraformConfluentPlatformExample 2022-07-30T19:29:45Z logger.go:66: module.confluent_platform.kubernetes_manifest.component["ksqldb"]: Still creating... [1h12m43s elapsed]
TestTerraformConfluentPlatformExample 2022-07-30T19:29:45Z logger.go:66: module.confluent_platform.kubernetes_manifest.component["connect"]: Still creating... [1h12m43s elapsed]
TestTerraformConfluentPlatformExample 2022-07-30T19:29:45Z logger.go:66: module.confluent_platform.kubernetes_manifest.component["schemaregistry"]: Still creating... [1h12m43s elapsed]
TestTerraformConfluentPlatformExample 2022-07-30T19:29:45Z logger.go:66: module.confluent_platform.kubernetes_manifest.component["kafka"]: Still creating... [1h12m43s elapsed]
TestTerraformConfluentPlatformExample 2022-07-30T19:29:45Z logger.go:66: module.confluent_platform.kubernetes_manifest.component["controlcenter"]: Still creating... [1h12m44s elapsed]
TestTerraformConfluentPlatformExample 2022-07-30T19:29:45Z logger.go:66: module.confluent_platform.kubernetes_manifest.component["kafkarestproxy"]: Still creating... [1h12m43s elapsed]
TestTerraformConfluentPlatformExample 2022-07-30T19:29:55Z logger.go:66: module.confluent_platform.kubernetes_manifest.component["connect"]: Still creating... [1h12m53s elapsed]
TestTerraformConfluentPlatformExample 2022-07-30T19:29:55Z logger.go:66: module.confluent_platform.kubernetes_manifest.component["ksqldb"]: Still creating... [1h12m53s elapsed]
TestTerraformConfluentPlatformExample 2022-07-30T19:29:55Z logger.go:66: module.confluent_platform.kubernetes_manifest.component["schemaregistry"]: Still creating... [1h12m53s elapsed]
TestTerraformConfluentPlatformExample 2022-07-30T19:29:55Z logger.go:66: module.confluent_platform.kubernetes_manifest.component["kafka"]: Still creating... [1h12m53s elapsed]
TestTerraformConfluentPlatformExample 2022-07-30T19:29:55Z logger.go:66: module.confluent_platform.kubernetes_manifest.component["controlcenter"]: Still creating... [1h12m54s elapsed]
TestTerraformConfluentPlatformExample 2022-07-30T19:29:55Z logger.go:66: module.confluent_platform.kubernetes_manifest.component["kafkarestproxy"]: Still creating... [1h12m53s elapsed]
TestTerraformConfluentPlatformExample 2022-07-30T19:29:56Z logger.go:66: module.confluent_platform.kubernetes_manifest.component["kafka"]: Creation complete after 1h12m54s
TestTerraformConfluentPlatformExample 2022-07-30T19:30:05Z logger.go:66: module.confluent_platform.kubernetes_manifest.component["ksqldb"]: Still creating... [1h13m3s elapsed]
TestTerraformConfluentPlatformExample 2022-07-30T19:30:05Z logger.go:66: module.confluent_platform.kubernetes_manifest.component["connect"]: Still creating... [1h13m3s elapsed]
TestTerraformConfluentPlatformExample 2022-07-30T19:30:05Z logger.go:66: module.confluent_platform.kubernetes_manifest.component["schemaregistry"]: Still creating... [1h13m3s elapsed]
TestTerraformConfluentPlatformExample 2022-07-30T19:30:05Z logger.go:66: module.confluent_platform.kubernetes_manifest.component["controlcenter"]: Still creating... [1h13m4s elapsed]
TestTerraformConfluentPlatformExample 2022-07-30T19:30:05Z logger.go:66: module.confluent_platform.kubernetes_manifest.component["kafkarestproxy"]: Still creating... [1h13m3s elapsed]
TestTerraformConfluentPlatformExample 2022-07-30T19:30:15Z logger.go:66: module.confluent_platform.kubernetes_manifest.component["schemaregistry"]: Still creating... [1h13m13s elapsed]
TestTerraformConfluentPlatformExample 2022-07-30T19:30:15Z logger.go:66: module.confluent_platform.kubernetes_manifest.component["connect"]: Still creating... [1h13m13s elapsed]
TestTerraformConfluentPlatformExample 2022-07-30T19:30:15Z logger.go:66: module.confluent_platform.kubernetes_manifest.component["ksqldb"]: Still creating... [1h13m13s elapsed]
TestTerraformConfluentPlatformExample 2022-07-30T19:30:15Z logger.go:66: module.confluent_platform.kubernetes_manifest.component["controlcenter"]: Still creating... [1h13m14s elapsed]
TestTerraformConfluentPlatformExample 2022-07-30T19:30:15Z logger.go:66: module.confluent_platform.kubernetes_manifest.component["kafkarestproxy"]: Still creating... [1h13m13s elapsed]
TestTerraformConfluentPlatformExample 2022-07-30T19:30:25Z logger.go:66: module.confluent_platform.kubernetes_manifest.component["connect"]: Still creating... [1h13m23s elapsed]
TestTerraformConfluentPlatformExample 2022-07-30T19:30:25Z logger.go:66: module.confluent_platform.kubernetes_manifest.component["ksqldb"]: Still creating... [1h13m23s elapsed]
TestTerraformConfluentPlatformExample 2022-07-30T19:30:25Z logger.go:66: module.confluent_platform.kubernetes_manifest.component["schemaregistry"]: Still creating... [1h13m23s elapsed]
TestTerraformConfluentPlatformExample 2022-07-30T19:30:25Z logger.go:66: module.confluent_platform.kubernetes_manifest.component["controlcenter"]: Still creating... [1h13m24s elapsed]
TestTerraformConfluentPlatformExample 2022-07-30T19:30:25Z logger.go:66: module.confluent_platform.kubernetes_manifest.component["kafkarestproxy"]: Still creating... [1h13m23s elapsed]
TestTerraformConfluentPlatformExample 2022-07-30T19:30:35Z logger.go:66: module.confluent_platform.kubernetes_manifest.component["schemaregistry"]: Still creating... [1h13m33s elapsed]
TestTerraformConfluentPlatformExample 2022-07-30T19:30:35Z logger.go:66: module.confluent_platform.kubernetes_manifest.component["ksqldb"]: Still creating... [1h13m33s elapsed]
TestTerraformConfluentPlatformExample 2022-07-30T19:30:35Z logger.go:66: module.confluent_platform.kubernetes_manifest.component["connect"]: Still creating... [1h13m33s elapsed]
TestTerraformConfluentPlatformExample 2022-07-30T19:30:35Z logger.go:66: module.confluent_platform.kubernetes_manifest.component["kafkarestproxy"]: Still creating... [1h13m34s elapsed]
TestTerraformConfluentPlatformExample 2022-07-30T19:30:35Z logger.go:66: module.confluent_platform.kubernetes_manifest.component["controlcenter"]: Still creating... [1h13m35s elapsed]
TestTerraformConfluentPlatformExample 2022-07-30T19:30:43Z logger.go:66: module.confluent_platform.kubernetes_manifest.component["kafkarestproxy"]: Creation complete after 1h13m41s
TestTerraformConfluentPlatformExample 2022-07-30T19:30:45Z logger.go:66: module.confluent_platform.kubernetes_manifest.component["schemaregistry"]: Still creating... [1h13m43s elapsed]
TestTerraformConfluentPlatformExample 2022-07-30T19:30:45Z logger.go:66: module.confluent_platform.kubernetes_manifest.component["ksqldb"]: Still creating... [1h13m43s elapsed]
TestTerraformConfluentPlatformExample 2022-07-30T19:30:45Z logger.go:66: module.confluent_platform.kubernetes_manifest.component["connect"]: Still creating... [1h13m43s elapsed]
TestTerraformConfluentPlatformExample 2022-07-30T19:30:45Z logger.go:66: module.confluent_platform.kubernetes_manifest.component["controlcenter"]: Still creating... [1h13m45s elapsed]
TestTerraformConfluentPlatformExample 2022-07-30T19:30:55Z logger.go:66: module.confluent_platform.kubernetes_manifest.component["ksqldb"]: Still creating... [1h13m53s elapsed]
TestTerraformConfluentPlatformExample 2022-07-30T19:30:55Z logger.go:66: module.confluent_platform.kubernetes_manifest.component["schemaregistry"]: Still creating... [1h13m53s elapsed]
TestTerraformConfluentPlatformExample 2022-07-30T19:30:55Z logger.go:66: module.confluent_platform.kubernetes_manifest.component["connect"]: Still creating... [1h13m53s elapsed]
TestTerraformConfluentPlatformExample 2022-07-30T19:30:55Z logger.go:66: module.confluent_platform.kubernetes_manifest.component["controlcenter"]: Still creating... [1h13m55s elapsed]
TestTerraformConfluentPlatformExample 2022-07-30T19:31:04Z logger.go:66: module.confluent_platform.kubernetes_manifest.component["schemaregistry"]: Creation complete after 1h14m2s
TestTerraformConfluentPlatformExample 2022-07-30T19:31:05Z logger.go:66: module.confluent_platform.kubernetes_manifest.component["ksqldb"]: Still creating... [1h14m3s elapsed]
TestTerraformConfluentPlatformExample 2022-07-30T19:31:05Z logger.go:66: module.confluent_platform.kubernetes_manifest.component["connect"]: Still creating... [1h14m3s elapsed]
TestTerraformConfluentPlatformExample 2022-07-30T19:31:05Z logger.go:66: module.confluent_platform.kubernetes_manifest.component["controlcenter"]: Still creating... [1h14m5s elapsed]
TestTerraformConfluentPlatformExample 2022-07-30T19:31:09Z logger.go:66: module.confluent_platform.kubernetes_manifest.component["ksqldb"]: Creation complete after 1h14m8s
TestTerraformConfluentPlatformExample 2022-07-30T19:31:15Z logger.go:66: module.confluent_platform.kubernetes_manifest.component["connect"]: Still creating... [1h14m13s elapsed]
TestTerraformConfluentPlatformExample 2022-07-30T19:31:15Z logger.go:66: module.confluent_platform.kubernetes_manifest.component["controlcenter"]: Still creating... [1h14m15s elapsed]
TestTerraformConfluentPlatformExample 2022-07-30T19:31:25Z logger.go:66: module.confluent_platform.kubernetes_manifest.component["connect"]: Still creating... [1h14m23s elapsed]
TestTerraformConfluentPlatformExample 2022-07-30T19:31:25Z logger.go:66: module.confluent_platform.kubernetes_manifest.component["controlcenter"]: Still creating... [1h14m25s elapsed]
TestTerraformConfluentPlatformExample 2022-07-30T19:31:35Z logger.go:66: module.confluent_platform.kubernetes_manifest.component["connect"]: Still creating... [1h14m33s elapsed]
TestTerraformConfluentPlatformExample 2022-07-30T19:31:35Z logger.go:66: module.confluent_platform.kubernetes_manifest.component["controlcenter"]: Still creating... [1h14m35s elapsed]
TestTerraformConfluentPlatformExample 2022-07-30T19:31:45Z logger.go:66: module.confluent_platform.kubernetes_manifest.component["connect"]: Still creating... [1h14m43s elapsed]
TestTerraformConfluentPlatformExample 2022-07-30T19:31:45Z logger.go:66: module.confluent_platform.kubernetes_manifest.component["controlcenter"]: Still creating... [1h14m45s elapsed]
TestTerraformConfluentPlatformExample 2022-07-30T19:31:55Z logger.go:66: module.confluent_platform.kubernetes_manifest.component["connect"]: Still creating... [1h14m53s elapsed]
TestTerraformConfluentPlatformExample 2022-07-30T19:31:55Z logger.go:66: module.confluent_platform.kubernetes_manifest.component["controlcenter"]: Still creating... [1h14m54s elapsed]
TestTerraformConfluentPlatformExample 2022-07-30T19:32:05Z logger.go:66: module.confluent_platform.kubernetes_manifest.component["connect"]: Still creating... [1h15m3s elapsed]
TestTerraformConfluentPlatformExample 2022-07-30T19:32:05Z logger.go:66: module.confluent_platform.kubernetes_manifest.component["controlcenter"]: Still creating... [1h15m4s elapsed]
TestTerraformConfluentPlatformExample 2022-07-30T19:32:15Z logger.go:66: module.confluent_platform.kubernetes_manifest.component["connect"]: Still creating... [1h15m13s elapsed]
TestTerraformConfluentPlatformExample 2022-07-30T19:32:15Z logger.go:66: module.confluent_platform.kubernetes_manifest.component["controlcenter"]: Still creating... [1h15m15s elapsed]
TestTerraformConfluentPlatformExample 2022-07-30T19:32:25Z logger.go:66: module.confluent_platform.kubernetes_manifest.component["connect"]: Still creating... [1h15m23s elapsed]
TestTerraformConfluentPlatformExample 2022-07-30T19:32:25Z logger.go:66: module.confluent_platform.kubernetes_manifest.component["controlcenter"]: Still creating... [1h15m24s elapsed]
TestTerraformConfluentPlatformExample 2022-07-30T19:32:35Z logger.go:66: module.confluent_platform.kubernetes_manifest.component["connect"]: Still creating... [1h15m33s elapsed]
TestTerraformConfluentPlatformExample 2022-07-30T19:32:35Z logger.go:66: module.confluent_platform.kubernetes_manifest.component["controlcenter"]: Still creating... [1h15m34s elapsed]
TestTerraformConfluentPlatformExample 2022-07-30T19:32:45Z logger.go:66: module.confluent_platform.kubernetes_manifest.component["connect"]: Still creating... [1h15m43s elapsed]
TestTerraformConfluentPlatformExample 2022-07-30T19:32:45Z logger.go:66: module.confluent_platform.kubernetes_manifest.component["controlcenter"]: Still creating... [1h15m44s elapsed]
TestTerraformConfluentPlatformExample 2022-07-30T19:32:55Z logger.go:66: module.confluent_platform.kubernetes_manifest.component["connect"]: Still creating... [1h15m53s elapsed]
TestTerraformConfluentPlatformExample 2022-07-30T19:32:55Z logger.go:66: module.confluent_platform.kubernetes_manifest.component["controlcenter"]: Still creating... [1h15m54s elapsed]
TestTerraformConfluentPlatformExample 2022-07-30T19:33:05Z logger.go:66: module.confluent_platform.kubernetes_manifest.component["connect"]: Still creating... [1h16m3s elapsed]
TestTerraformConfluentPlatformExample 2022-07-30T19:33:05Z logger.go:66: module.confluent_platform.kubernetes_manifest.component["controlcenter"]: Still creating... [1h16m5s elapsed]
TestTerraformConfluentPlatformExample 2022-07-30T19:33:15Z logger.go:66: module.confluent_platform.kubernetes_manifest.component["connect"]: Still creating... [1h16m13s elapsed]
TestTerraformConfluentPlatformExample 2022-07-30T19:33:15Z logger.go:66: module.confluent_platform.kubernetes_manifest.component["controlcenter"]: Still creating... [1h16m15s elapsed]
TestTerraformConfluentPlatformExample 2022-07-30T19:33:25Z logger.go:66: module.confluent_platform.kubernetes_manifest.component["connect"]: Still creating... [1h16m23s elapsed]
TestTerraformConfluentPlatformExample 2022-07-30T19:33:25Z logger.go:66: module.confluent_platform.kubernetes_manifest.component["controlcenter"]: Still creating... [1h16m24s elapsed]
TestTerraformConfluentPlatformExample 2022-07-30T19:33:35Z logger.go:66: module.confluent_platform.kubernetes_manifest.component["connect"]: Still creating... [1h16m33s elapsed]
TestTerraformConfluentPlatformExample 2022-07-30T19:33:35Z logger.go:66: module.confluent_platform.kubernetes_manifest.component["controlcenter"]: Still creating... [1h16m35s elapsed]
TestTerraformConfluentPlatformExample 2022-07-30T19:33:45Z logger.go:66: module.confluent_platform.kubernetes_manifest.component["connect"]: Still creating... [1h16m43s elapsed]
TestTerraformConfluentPlatformExample 2022-07-30T19:33:45Z logger.go:66: module.confluent_platform.kubernetes_manifest.component["controlcenter"]: Still creating... [1h16m45s elapsed]
TestTerraformConfluentPlatformExample 2022-07-30T19:33:55Z logger.go:66: module.confluent_platform.kubernetes_manifest.component["connect"]: Still creating... [1h16m53s elapsed]
TestTerraformConfluentPlatformExample 2022-07-30T19:33:55Z logger.go:66: module.confluent_platform.kubernetes_manifest.component["controlcenter"]: Still creating... [1h16m55s elapsed]
TestTerraformConfluentPlatformExample 2022-07-30T19:34:05Z logger.go:66: module.confluent_platform.kubernetes_manifest.component["connect"]: Still creating... [1h17m3s elapsed]
TestTerraformConfluentPlatformExample 2022-07-30T19:34:05Z logger.go:66: module.confluent_platform.kubernetes_manifest.component["controlcenter"]: Still creating... [1h17m5s elapsed]
TestTerraformConfluentPlatformExample 2022-07-30T19:34:15Z logger.go:66: module.confluent_platform.kubernetes_manifest.component["connect"]: Still creating... [1h17m13s elapsed]
TestTerraformConfluentPlatformExample 2022-07-30T19:34:15Z logger.go:66: module.confluent_platform.kubernetes_manifest.component["controlcenter"]: Still creating... [1h17m15s elapsed]
TestTerraformConfluentPlatformExample 2022-07-30T19:34:25Z logger.go:66: module.confluent_platform.kubernetes_manifest.component["connect"]: Still creating... [1h17m23s elapsed]
TestTerraformConfluentPlatformExample 2022-07-30T19:34:25Z logger.go:66: module.confluent_platform.kubernetes_manifest.component["controlcenter"]: Still creating... [1h17m25s elapsed]
TestTerraformConfluentPlatformExample 2022-07-30T19:34:35Z logger.go:66: module.confluent_platform.kubernetes_manifest.component["connect"]: Still creating... [1h17m33s elapsed]
TestTerraformConfluentPlatformExample 2022-07-30T19:34:35Z logger.go:66: module.confluent_platform.kubernetes_manifest.component["controlcenter"]: Still creating... [1h17m35s elapsed]
TestTerraformConfluentPlatformExample 2022-07-30T19:34:45Z logger.go:66: module.confluent_platform.kubernetes_manifest.component["connect"]: Still creating... [1h17m43s elapsed]
TestTerraformConfluentPlatformExample 2022-07-30T19:34:45Z logger.go:66: module.confluent_platform.kubernetes_manifest.component["controlcenter"]: Still creating... [1h17m45s elapsed]
TestTerraformConfluentPlatformExample 2022-07-30T19:34:48Z logger.go:66: module.confluent_platform.kubernetes_manifest.component["connect"]: Creation complete after 1h17m47s
TestTerraformConfluentPlatformExample 2022-07-30T19:34:55Z logger.go:66: module.confluent_platform.kubernetes_manifest.component["controlcenter"]: Still creating... [1h17m55s elapsed]
TestTerraformConfluentPlatformExample 2022-07-30T19:35:05Z logger.go:66: module.confluent_platform.kubernetes_manifest.component["controlcenter"]: Still creating... [1h18m5s elapsed]
TestTerraformConfluentPlatformExample 2022-07-30T19:35:15Z logger.go:66: module.confluent_platform.kubernetes_manifest.component["controlcenter"]: Still creating... [1h18m15s elapsed]
TestTerraformConfluentPlatformExample 2022-07-30T19:35:25Z logger.go:66: module.confluent_platform.kubernetes_manifest.component["controlcenter"]: Still creating... [1h18m24s elapsed]
TestTerraformConfluentPlatformExample 2022-07-30T19:35:35Z logger.go:66: module.confluent_platform.kubernetes_manifest.component["controlcenter"]: Still creating... [1h18m34s elapsed]
TestTerraformConfluentPlatformExample 2022-07-30T19:35:45Z logger.go:66: module.confluent_platform.kubernetes_manifest.component["controlcenter"]: Still creating... [1h18m44s elapsed]
TestTerraformConfluentPlatformExample 2022-07-30T19:35:45Z logger.go:66: module.confluent_platform.kubernetes_manifest.component["controlcenter"]: Creation complete after 1h18m45s
TestTerraformConfluentPlatformExample 2022-07-30T19:35:49Z logger.go:66:
TestTerraformConfluentPlatformExample 2022-07-30T19:35:49Z logger.go:66: Apply complete! Resources: 7 added, 0 changed, 0 destroyed.
TestTerraformConfluentPlatformExample 2022-07-30T19:35:49Z logger.go:66:
TestTerraformConfluentPlatformExample 2022-07-30T19:35:49Z logger.go:66: Outputs:
TestTerraformConfluentPlatformExample 2022-07-30T19:35:49Z logger.go:66:
TestTerraformConfluentPlatformExample 2022-07-30T19:35:49Z logger.go:66: connect = {
TestTerraformConfluentPlatformExample 2022-07-30T19:35:49Z logger.go:66:   "apiVersion" = "platform.confluent.io/v1beta1"
TestTerraformConfluentPlatformExample 2022-07-30T19:35:49Z logger.go:66:   "kind" = "Connect"
TestTerraformConfluentPlatformExample 2022-07-30T19:35:49Z logger.go:66:   "metadata" = {
TestTerraformConfluentPlatformExample 2022-07-30T19:35:49Z logger.go:66:     "name" = "connect"
TestTerraformConfluentPlatformExample 2022-07-30T19:35:49Z logger.go:66:     "namespace" = "confluent"
TestTerraformConfluentPlatformExample 2022-07-30T19:35:49Z logger.go:66:   }
TestTerraformConfluentPlatformExample 2022-07-30T19:35:49Z logger.go:66:   "spec" = {
TestTerraformConfluentPlatformExample 2022-07-30T19:35:49Z logger.go:66:     "dependencies" = {
TestTerraformConfluentPlatformExample 2022-07-30T19:35:49Z logger.go:66:       "kafka" = {
TestTerraformConfluentPlatformExample 2022-07-30T19:35:49Z logger.go:66:         "bootstrapEndpoint" = "kafka:9071"
TestTerraformConfluentPlatformExample 2022-07-30T19:35:49Z logger.go:66:       }
TestTerraformConfluentPlatformExample 2022-07-30T19:35:49Z logger.go:66:     }
TestTerraformConfluentPlatformExample 2022-07-30T19:35:49Z logger.go:66:     "image" = {
TestTerraformConfluentPlatformExample 2022-07-30T19:35:49Z logger.go:66:       "application" = "confluentinc/cp-server-connect:7.2.0"
TestTerraformConfluentPlatformExample 2022-07-30T19:35:49Z logger.go:66:       "init" = "confluentinc/confluent-init-container:2.4.0"
TestTerraformConfluentPlatformExample 2022-07-30T19:35:49Z logger.go:66:     }
TestTerraformConfluentPlatformExample 2022-07-30T19:35:49Z logger.go:66:     "replicas" = 1
TestTerraformConfluentPlatformExample 2022-07-30T19:35:49Z logger.go:66:   }
TestTerraformConfluentPlatformExample 2022-07-30T19:35:49Z logger.go:66: }
TestTerraformConfluentPlatformExample 2022-07-30T19:35:49Z logger.go:66: controlcenter = {
TestTerraformConfluentPlatformExample 2022-07-30T19:35:49Z logger.go:66:   "apiVersion" = "platform.confluent.io/v1beta1"
TestTerraformConfluentPlatformExample 2022-07-30T19:35:49Z logger.go:66:   "kind" = "ControlCenter"
TestTerraformConfluentPlatformExample 2022-07-30T19:35:49Z logger.go:66:   "metadata" = {
TestTerraformConfluentPlatformExample 2022-07-30T19:35:49Z logger.go:66:     "name" = "controlcenter"
TestTerraformConfluentPlatformExample 2022-07-30T19:35:49Z logger.go:66:     "namespace" = "confluent"
TestTerraformConfluentPlatformExample 2022-07-30T19:35:49Z logger.go:66:   }
TestTerraformConfluentPlatformExample 2022-07-30T19:35:49Z logger.go:66:   "spec" = {
TestTerraformConfluentPlatformExample 2022-07-30T19:35:49Z logger.go:66:     "dataVolumeCapacity" = "10Gi"
TestTerraformConfluentPlatformExample 2022-07-30T19:35:49Z logger.go:66:     "dependencies" = {
TestTerraformConfluentPlatformExample 2022-07-30T19:35:49Z logger.go:66:       "connect" = [
TestTerraformConfluentPlatformExample 2022-07-30T19:35:49Z logger.go:66:         {
TestTerraformConfluentPlatformExample 2022-07-30T19:35:49Z logger.go:66:           "name" = "connect"
TestTerraformConfluentPlatformExample 2022-07-30T19:35:49Z logger.go:66:           "url" = "http://connect.confluent.svc.cluster.local:8083"
TestTerraformConfluentPlatformExample 2022-07-30T19:35:49Z logger.go:66:         },
TestTerraformConfluentPlatformExample 2022-07-30T19:35:49Z logger.go:66:       ]
TestTerraformConfluentPlatformExample 2022-07-30T19:35:49Z logger.go:66:       "ksqldb" = [
TestTerraformConfluentPlatformExample 2022-07-30T19:35:49Z logger.go:66:         {
TestTerraformConfluentPlatformExample 2022-07-30T19:35:49Z logger.go:66:           "name" = "ksqldb"
TestTerraformConfluentPlatformExample 2022-07-30T19:35:49Z logger.go:66:           "url" = "http://ksqldb.confluent.svc.cluster.local:8088"
TestTerraformConfluentPlatformExample 2022-07-30T19:35:49Z logger.go:66:         },
TestTerraformConfluentPlatformExample 2022-07-30T19:35:49Z logger.go:66:       ]
TestTerraformConfluentPlatformExample 2022-07-30T19:35:49Z logger.go:66:       "schemaRegistry" = {
TestTerraformConfluentPlatformExample 2022-07-30T19:35:49Z logger.go:66:         "url" = "http://schemaregistry.confluent.svc.cluster.local:8081"
TestTerraformConfluentPlatformExample 2022-07-30T19:35:49Z logger.go:66:       }
TestTerraformConfluentPlatformExample 2022-07-30T19:35:49Z logger.go:66:     }
TestTerraformConfluentPlatformExample 2022-07-30T19:35:49Z logger.go:66:     "image" = {
TestTerraformConfluentPlatformExample 2022-07-30T19:35:49Z logger.go:66:       "application" = "confluentinc/cp-enterprise-control-center:7.2.0"
TestTerraformConfluentPlatformExample 2022-07-30T19:35:49Z logger.go:66:       "init" = "confluentinc/confluent-init-container:2.4.0"
TestTerraformConfluentPlatformExample 2022-07-30T19:35:49Z logger.go:66:     }
TestTerraformConfluentPlatformExample 2022-07-30T19:35:49Z logger.go:66:     "replicas" = 1
TestTerraformConfluentPlatformExample 2022-07-30T19:35:49Z logger.go:66:   }
TestTerraformConfluentPlatformExample 2022-07-30T19:35:49Z logger.go:66: }
TestTerraformConfluentPlatformExample 2022-07-30T19:35:49Z logger.go:66: kafka = {
TestTerraformConfluentPlatformExample 2022-07-30T19:35:49Z logger.go:66:   "apiVersion" = "platform.confluent.io/v1beta1"
TestTerraformConfluentPlatformExample 2022-07-30T19:35:49Z logger.go:66:   "kind" = "Kafka"
TestTerraformConfluentPlatformExample 2022-07-30T19:35:49Z logger.go:66:   "metadata" = {
TestTerraformConfluentPlatformExample 2022-07-30T19:35:49Z logger.go:66:     "name" = "kafka"
TestTerraformConfluentPlatformExample 2022-07-30T19:35:49Z logger.go:66:     "namespace" = "confluent"
TestTerraformConfluentPlatformExample 2022-07-30T19:35:49Z logger.go:66:   }
TestTerraformConfluentPlatformExample 2022-07-30T19:35:49Z logger.go:66:   "spec" = {
TestTerraformConfluentPlatformExample 2022-07-30T19:35:49Z logger.go:66:     "dataVolumeCapacity" = "10Gi"
TestTerraformConfluentPlatformExample 2022-07-30T19:35:49Z logger.go:66:     "image" = {
TestTerraformConfluentPlatformExample 2022-07-30T19:35:49Z logger.go:66:       "application" = "confluentinc/cp-server:7.2.0"
TestTerraformConfluentPlatformExample 2022-07-30T19:35:49Z logger.go:66:       "init" = "confluentinc/confluent-init-container:2.4.0"
TestTerraformConfluentPlatformExample 2022-07-30T19:35:49Z logger.go:66:     }
TestTerraformConfluentPlatformExample 2022-07-30T19:35:49Z logger.go:66:     "metricReporter" = {
TestTerraformConfluentPlatformExample 2022-07-30T19:35:49Z logger.go:66:       "enabled" = true
TestTerraformConfluentPlatformExample 2022-07-30T19:35:49Z logger.go:66:     }
TestTerraformConfluentPlatformExample 2022-07-30T19:35:49Z logger.go:66:     "replicas" = 3
TestTerraformConfluentPlatformExample 2022-07-30T19:35:49Z logger.go:66:   }
TestTerraformConfluentPlatformExample 2022-07-30T19:35:49Z logger.go:66: }
TestTerraformConfluentPlatformExample 2022-07-30T19:35:49Z logger.go:66: kafkarestproxy = {
TestTerraformConfluentPlatformExample 2022-07-30T19:35:49Z logger.go:66:   "apiVersion" = "platform.confluent.io/v1beta1"
TestTerraformConfluentPlatformExample 2022-07-30T19:35:49Z logger.go:66:   "kind" = "KafkaRestProxy"
TestTerraformConfluentPlatformExample 2022-07-30T19:35:49Z logger.go:66:   "metadata" = {
TestTerraformConfluentPlatformExample 2022-07-30T19:35:49Z logger.go:66:     "name" = "kafkarestproxy"
TestTerraformConfluentPlatformExample 2022-07-30T19:35:49Z logger.go:66:     "namespace" = "confluent"
TestTerraformConfluentPlatformExample 2022-07-30T19:35:49Z logger.go:66:   }
TestTerraformConfluentPlatformExample 2022-07-30T19:35:49Z logger.go:66:   "spec" = {
TestTerraformConfluentPlatformExample 2022-07-30T19:35:49Z logger.go:66:     "dependencies" = {
TestTerraformConfluentPlatformExample 2022-07-30T19:35:49Z logger.go:66:       "schemaRegistry" = {
TestTerraformConfluentPlatformExample 2022-07-30T19:35:49Z logger.go:66:         "url" = "http://schemaregistry.confluent.svc.cluster.local:8081"
TestTerraformConfluentPlatformExample 2022-07-30T19:35:49Z logger.go:66:       }
TestTerraformConfluentPlatformExample 2022-07-30T19:35:49Z logger.go:66:     }
TestTerraformConfluentPlatformExample 2022-07-30T19:35:49Z logger.go:66:     "image" = {
TestTerraformConfluentPlatformExample 2022-07-30T19:35:49Z logger.go:66:       "application" = "confluentinc/cp-kafka-rest:7.2.0"
TestTerraformConfluentPlatformExample 2022-07-30T19:35:49Z logger.go:66:       "init" = "confluentinc/confluent-init-container:2.4.0"
TestTerraformConfluentPlatformExample 2022-07-30T19:35:49Z logger.go:66:     }
TestTerraformConfluentPlatformExample 2022-07-30T19:35:49Z logger.go:66:     "replicas" = 1
TestTerraformConfluentPlatformExample 2022-07-30T19:35:49Z logger.go:66:   }
TestTerraformConfluentPlatformExample 2022-07-30T19:35:49Z logger.go:66: }
TestTerraformConfluentPlatformExample 2022-07-30T19:35:49Z logger.go:66: ksqldb = {
TestTerraformConfluentPlatformExample 2022-07-30T19:35:49Z logger.go:66:   "apiVersion" = "platform.confluent.io/v1beta1"
TestTerraformConfluentPlatformExample 2022-07-30T19:35:49Z logger.go:66:   "kind" = "KsqlDB"
TestTerraformConfluentPlatformExample 2022-07-30T19:35:49Z logger.go:66:   "metadata" = {
TestTerraformConfluentPlatformExample 2022-07-30T19:35:49Z logger.go:66:     "name" = "ksqldb"
TestTerraformConfluentPlatformExample 2022-07-30T19:35:49Z logger.go:66:     "namespace" = "confluent"
TestTerraformConfluentPlatformExample 2022-07-30T19:35:49Z logger.go:66:   }
TestTerraformConfluentPlatformExample 2022-07-30T19:35:49Z logger.go:66:   "spec" = {
TestTerraformConfluentPlatformExample 2022-07-30T19:35:49Z logger.go:66:     "dataVolumeCapacity" = "10Gi"
TestTerraformConfluentPlatformExample 2022-07-30T19:35:49Z logger.go:66:     "image" = {
TestTerraformConfluentPlatformExample 2022-07-30T19:35:49Z logger.go:66:       "application" = "confluentinc/cp-ksqldb-server:7.2.0"
TestTerraformConfluentPlatformExample 2022-07-30T19:35:49Z logger.go:66:       "init" = "confluentinc/confluent-init-container:2.4.0"
TestTerraformConfluentPlatformExample 2022-07-30T19:35:49Z logger.go:66:     }
TestTerraformConfluentPlatformExample 2022-07-30T19:35:49Z logger.go:66:     "replicas" = 1
TestTerraformConfluentPlatformExample 2022-07-30T19:35:49Z logger.go:66:   }
TestTerraformConfluentPlatformExample 2022-07-30T19:35:49Z logger.go:66: }
TestTerraformConfluentPlatformExample 2022-07-30T19:35:49Z logger.go:66: namespace = "confluent"
TestTerraformConfluentPlatformExample 2022-07-30T19:35:49Z logger.go:66: schemaregistry = {
TestTerraformConfluentPlatformExample 2022-07-30T19:35:49Z logger.go:66:   "apiVersion" = "platform.confluent.io/v1beta1"
TestTerraformConfluentPlatformExample 2022-07-30T19:35:49Z logger.go:66:   "kind" = "SchemaRegistry"
TestTerraformConfluentPlatformExample 2022-07-30T19:35:49Z logger.go:66:   "metadata" = {
TestTerraformConfluentPlatformExample 2022-07-30T19:35:49Z logger.go:66:     "name" = "schemaregistry"
TestTerraformConfluentPlatformExample 2022-07-30T19:35:49Z logger.go:66:     "namespace" = "confluent"
TestTerraformConfluentPlatformExample 2022-07-30T19:35:49Z logger.go:66:   }
TestTerraformConfluentPlatformExample 2022-07-30T19:35:49Z logger.go:66:   "spec" = {
TestTerraformConfluentPlatformExample 2022-07-30T19:35:49Z logger.go:66:     "image" = {
TestTerraformConfluentPlatformExample 2022-07-30T19:35:49Z logger.go:66:       "application" = "confluentinc/cp-schema-registry:7.2.0"
TestTerraformConfluentPlatformExample 2022-07-30T19:35:49Z logger.go:66:       "init" = "confluentinc/confluent-init-container:2.4.0"
TestTerraformConfluentPlatformExample 2022-07-30T19:35:49Z logger.go:66:     }
TestTerraformConfluentPlatformExample 2022-07-30T19:35:49Z logger.go:66:     "replicas" = 3
TestTerraformConfluentPlatformExample 2022-07-30T19:35:49Z logger.go:66:   }
TestTerraformConfluentPlatformExample 2022-07-30T19:35:49Z logger.go:66: }
TestTerraformConfluentPlatformExample 2022-07-30T19:35:49Z logger.go:66: zookeeper = {
TestTerraformConfluentPlatformExample 2022-07-30T19:35:49Z logger.go:66:   "apiVersion" = "platform.confluent.io/v1beta1"
TestTerraformConfluentPlatformExample 2022-07-30T19:35:49Z logger.go:66:   "kind" = "Zookeeper"
TestTerraformConfluentPlatformExample 2022-07-30T19:35:49Z logger.go:66:   "metadata" = {
TestTerraformConfluentPlatformExample 2022-07-30T19:35:49Z logger.go:66:     "name" = "zookeeper"
TestTerraformConfluentPlatformExample 2022-07-30T19:35:49Z logger.go:66:     "namespace" = "confluent"
TestTerraformConfluentPlatformExample 2022-07-30T19:35:49Z logger.go:66:   }
TestTerraformConfluentPlatformExample 2022-07-30T19:35:49Z logger.go:66:   "spec" = {
TestTerraformConfluentPlatformExample 2022-07-30T19:35:49Z logger.go:66:     "dataVolumeCapacity" = "10Gi"
TestTerraformConfluentPlatformExample 2022-07-30T19:35:49Z logger.go:66:     "image" = {
TestTerraformConfluentPlatformExample 2022-07-30T19:35:49Z logger.go:66:       "application" = "confluentinc/cp-zookeeper:7.2.0"
TestTerraformConfluentPlatformExample 2022-07-30T19:35:49Z logger.go:66:       "init" = "confluentinc/confluent-init-container:2.4.0"
TestTerraformConfluentPlatformExample 2022-07-30T19:35:49Z logger.go:66:     }
TestTerraformConfluentPlatformExample 2022-07-30T19:35:49Z logger.go:66:     "logVolumeCapacity" = "10Gi"
TestTerraformConfluentPlatformExample 2022-07-30T19:35:49Z logger.go:66:     "replicas" = 3
TestTerraformConfluentPlatformExample 2022-07-30T19:35:49Z logger.go:66:   }
TestTerraformConfluentPlatformExample 2022-07-30T19:35:49Z logger.go:66: }
TestTerraformConfluentPlatformExample 2022-07-30T19:35:50Z retry.go:91: terraform [output -no-color -json zookeeper]
TestTerraformConfluentPlatformExample 2022-07-30T19:35:50Z logger.go:66: Running command terraform with args [output -no-color -json zookeeper]
TestTerraformConfluentPlatformExample 2022-07-30T19:35:53Z logger.go:66: {"apiVersion":"platform.confluent.io/v1beta1","kind":"Zookeeper","metadata":{"name":"zookeeper","namespace":"confluent"},"spec":{"dataVolumeCapacity":"10Gi","image":{"application":"confluentinc/cp-zookeeper:7.2.0","init":"confluentinc/confluent-init-container:2.4.0"},"logVolumeCapacity":"10Gi","replicas":3}}
TestTerraformConfluentPlatformExample 2022-07-30T19:35:53Z retry.go:91: terraform [output -no-color -json kafka]
TestTerraformConfluentPlatformExample 2022-07-30T19:35:53Z logger.go:66: Running command terraform with args [output -no-color -json kafka]
TestTerraformConfluentPlatformExample 2022-07-30T19:35:54Z logger.go:66: {"apiVersion":"platform.confluent.io/v1beta1","kind":"Kafka","metadata":{"name":"kafka","namespace":"confluent"},"spec":{"dataVolumeCapacity":"10Gi","image":{"application":"confluentinc/cp-server:7.2.0","init":"confluentinc/confluent-init-container:2.4.0"},"metricReporter":{"enabled":true},"replicas":3}}
TestTerraformConfluentPlatformExample 2022-07-30T19:35:54Z retry.go:91: terraform [output -no-color -json connect]
TestTerraformConfluentPlatformExample 2022-07-30T19:35:54Z logger.go:66: Running command terraform with args [output -no-color -json connect]
TestTerraformConfluentPlatformExample 2022-07-30T19:35:54Z logger.go:66: {"apiVersion":"platform.confluent.io/v1beta1","kind":"Connect","metadata":{"name":"connect","namespace":"confluent"},"spec":{"dependencies":{"kafka":{"bootstrapEndpoint":"kafka:9071"}},"image":{"application":"confluentinc/cp-server-connect:7.2.0","init":"confluentinc/confluent-init-container:2.4.0"},"replicas":1}}
TestTerraformConfluentPlatformExample 2022-07-30T19:35:54Z retry.go:91: terraform [output -no-color -json ksqldb]
TestTerraformConfluentPlatformExample 2022-07-30T19:35:54Z logger.go:66: Running command terraform with args [output -no-color -json ksqldb]
TestTerraformConfluentPlatformExample 2022-07-30T19:35:55Z logger.go:66: {"apiVersion":"platform.confluent.io/v1beta1","kind":"KsqlDB","metadata":{"name":"ksqldb","namespace":"confluent"},"spec":{"dataVolumeCapacity":"10Gi","image":{"application":"confluentinc/cp-ksqldb-server:7.2.0","init":"confluentinc/confluent-init-container:2.4.0"},"replicas":1}}
TestTerraformConfluentPlatformExample 2022-07-30T19:35:55Z retry.go:91: terraform [output -no-color -json controlcenter]
TestTerraformConfluentPlatformExample 2022-07-30T19:35:55Z logger.go:66: Running command terraform with args [output -no-color -json controlcenter]
TestTerraformConfluentPlatformExample 2022-07-30T19:35:56Z logger.go:66: {"apiVersion":"platform.confluent.io/v1beta1","kind":"ControlCenter","metadata":{"name":"controlcenter","namespace":"confluent"},"spec":{"dataVolumeCapacity":"10Gi","dependencies":{"connect":[{"name":"connect","url":"http://connect.confluent.svc.cluster.local:8083"}],"ksqldb":[{"name":"ksqldb","url":"http://ksqldb.confluent.svc.cluster.local:8088"}],"schemaRegistry":{"url":"http://schemaregistry.confluent.svc.cluster.local:8081"}},"image":{"application":"confluentinc/cp-enterprise-control-center:7.2.0","init":"confluentinc/confluent-init-container:2.4.0"},"replicas":1}}
TestTerraformConfluentPlatformExample 2022-07-30T19:35:56Z retry.go:91: terraform [output -no-color -json schemaregistry]
TestTerraformConfluentPlatformExample 2022-07-30T19:35:56Z logger.go:66: Running command terraform with args [output -no-color -json schemaregistry]
TestTerraformConfluentPlatformExample 2022-07-30T19:35:57Z logger.go:66: {"apiVersion":"platform.confluent.io/v1beta1","kind":"SchemaRegistry","metadata":{"name":"schemaregistry","namespace":"confluent"},"spec":{"image":{"application":"confluentinc/cp-schema-registry:7.2.0","init":"confluentinc/confluent-init-container:2.4.0"},"replicas":3}}
TestTerraformConfluentPlatformExample 2022-07-30T19:35:57Z retry.go:91: terraform [output -no-color -json kafkarestproxy]
TestTerraformConfluentPlatformExample 2022-07-30T19:35:57Z logger.go:66: Running command terraform with args [output -no-color -json kafkarestproxy]
TestTerraformConfluentPlatformExample 2022-07-30T19:35:57Z logger.go:66: {"apiVersion":"platform.confluent.io/v1beta1","kind":"KafkaRestProxy","metadata":{"name":"kafkarestproxy","namespace":"confluent"},"spec":{"dependencies":{"schemaRegistry":{"url":"http://schemaregistry.confluent.svc.cluster.local:8081"}},"image":{"application":"confluentinc/cp-kafka-rest:7.2.0","init":"confluentinc/confluent-init-container:2.4.0"},"replicas":1}}
    terraform_confluent_platform_test.go:42:
        	Error Trace:	terraform_confluent_platform_test.go:42
        	Error:      	Not equal:
        	            	expected: "map[manifest:map[apiVersion:platform.confluent.io/v1beta1 kind:Zookeeper metadata:map[name:zookeeper namespace:confluent] spec:map[dataVolumeCapacity:10Gi image:map[application:confluentinc/cp-zookeeper:7.2.0 init:confluentinc/confluent-init-container:2.4.0] logVolumeCapacity:10Gi replicas:3]] object:map[apiVersion:platform.confluent.io/v1beta1 kind:Zookeeper metadata:map[annotations:<nil> clusterName:<nil> creationTimestamp:<nil> deletionGracePeriodSeconds:<nil> deletionTimestamp:<nil> finalizers:<nil> generateName:<nil> generation:<nil> labels:<nil> managedFields:<nil> name:zookeeper namespace:confluent ownerReferences:<nil> resourceVersion:<nil> selfLink:<nil> uid:<nil>] spec:map[authentication:map[jaasConfig:map[secretRef:<nil>] jaasConfigPassThrough:map[directoryPathInContainer:<nil> secretRef:<nil>] principalMappingRules:<nil> type:<nil>] configOverrides:map[jvm:<nil> log4j:<nil> peers:<nil> server:<nil>] dataVolumeCapacity:10Gi headlessService:map[annotations:<nil> labels:<nil> publishNotReadyAddresses:<nil>] image:map[application:confluentinc/cp-zookeeper:7.2.0 init:confluentinc/confluent-init-container:2.4.0 pullPolicy:<nil> pullSecretRef:<nil>] injectAnnotations:<nil> injectLabels:<nil> k8sClusterDomain:<nil> license:map[directoryPathInContainer:<nil> globalLicense:<nil> secretRef:<nil>] logVolumeCapacity:10Gi metrics:map[authentication:map[type:<nil>] prometheus:map[blacklist:<nil> rules:<nil> whitelist:<nil>] tls:map[directoryPathInContainer:<nil> enabled:<nil> ignoreTrustStoreConfig:<nil> jksPassword:map[secretRef:<nil>] secretRef:<nil>]] mountedSecrets:<nil> mountedVolumes:map[volumeMounts:<nil> volumes:<nil>] oneReplicaPerNode:<nil> podTemplate:map[affinity:map[nodeAffinity:map[preferredDuringSchedulingIgnoredDuringExecution:<nil> requiredDuringSchedulingIgnoredDuringExecution:map[nodeSelectorTerms:<nil>]] podAffinity:map[preferredDuringSchedulingIgnoredDuringExecution:<nil> requiredDuringSchedulingIgnoredDuringExecution:<nil>] podAntiAffinity:map[preferredDuringSchedulingIgnoredDuringExecution:<nil> requiredDuringSchedulingIgnoredDuringExecution:<nil>]] annotations:<nil> envVars:<nil> labels:<nil> podSecurityContext:map[fsGroup:<nil> fsGroupChangePolicy:<nil> runAsGroup:<nil> runAsNonRoot:<nil> runAsUser:<nil> seLinuxOptions:map[level:<nil> role:<nil> type:<nil> user:<nil>] seccompProfile:map[localhostProfile:<nil> type:<nil>] supplementalGroups:<nil> sysctls:<nil> windowsOptions:map[gmsaCredentialSpec:<nil> gmsaCredentialSpecName:<nil> hostProcess:<nil> runAsUserName:<nil>]] priorityClassName:<nil> probe:map[liveness:map[failureThreshold:<nil> initialDelaySeconds:<nil> periodSeconds:<nil> successThreshold:<nil> timeoutSeconds:<nil>] readiness:map[failureThreshold:<nil> initialDelaySeconds:<nil> periodSeconds:<nil> successThreshold:<nil> timeoutSeconds:<nil>]] resources:map[limits:<nil> requests:<nil>] securityContext:map[allowPrivilegeEscalation:<nil> capabilities:map[add:<nil> drop:<nil>] privileged:<nil> procMount:<nil> readOnlyRootFilesystem:<nil> runAsGroup:<nil> runAsNonRoot:<nil> runAsUser:<nil> seLinuxOptions:map[level:<nil> role:<nil> type:<nil> user:<nil>] seccompProfile:map[localhostProfile:<nil> type:<nil>] windowsOptions:map[gmsaCredentialSpec:<nil> gmsaCredentialSpecName:<nil> hostProcess:<nil> runAsUserName:<nil>]] serviceAccountName:<nil> terminationGracePeriodSeconds:<nil> tolerations:<nil> topologySpreadConstraints:<nil>] replicas:3 storageClass:map[name:<nil>] tls:map[autoGeneratedCerts:<nil> directoryPathInContainer:<nil> ignoreTrustStoreConfig:<nil> jksPassword:map[secretRef:<nil>] secretRef:<nil>]]]]"
        	            	actual  : "map[apiVersion:platform.confluent.io/v1beta1 kind:Zookeeper metadata:map[name:zookeeper namespace:confluent] spec:map[dataVolumeCapacity:10Gi image:map[application:confluentinc/cp-zookeeper:7.2.0 init:confluentinc/confluent-init-container:2.4.0] logVolumeCapacity:10Gi replicas:3]]"

        	            	Diff:
        	            	--- Expected
        	            	+++ Actual
        	            	@@ -1 +1 @@
        	            	-map[manifest:map[apiVersion:platform.confluent.io/v1beta1 kind:Zookeeper metadata:map[name:zookeeper namespace:confluent] spec:map[dataVolumeCapacity:10Gi image:map[application:confluentinc/cp-zookeeper:7.2.0 init:confluentinc/confluent-init-container:2.4.0] logVolumeCapacity:10Gi replicas:3]] object:map[apiVersion:platform.confluent.io/v1beta1 kind:Zookeeper metadata:map[annotations:<nil> clusterName:<nil> creationTimestamp:<nil> deletionGracePeriodSeconds:<nil> deletionTimestamp:<nil> finalizers:<nil> generateName:<nil> generation:<nil> labels:<nil> managedFields:<nil> name:zookeeper namespace:confluent ownerReferences:<nil> resourceVersion:<nil> selfLink:<nil> uid:<nil>] spec:map[authentication:map[jaasConfig:map[secretRef:<nil>] jaasConfigPassThrough:map[directoryPathInContainer:<nil> secretRef:<nil>] principalMappingRules:<nil> type:<nil>] configOverrides:map[jvm:<nil> log4j:<nil> peers:<nil> server:<nil>] dataVolumeCapacity:10Gi headlessService:map[annotations:<nil> labels:<nil> publishNotReadyAddresses:<nil>] image:map[application:confluentinc/cp-zookeeper:7.2.0 init:confluentinc/confluent-init-container:2.4.0 pullPolicy:<nil> pullSecretRef:<nil>] injectAnnotations:<nil> injectLabels:<nil> k8sClusterDomain:<nil> license:map[directoryPathInContainer:<nil> globalLicense:<nil> secretRef:<nil>] logVolumeCapacity:10Gi metrics:map[authentication:map[type:<nil>] prometheus:map[blacklist:<nil> rules:<nil> whitelist:<nil>] tls:map[directoryPathInContainer:<nil> enabled:<nil> ignoreTrustStoreConfig:<nil> jksPassword:map[secretRef:<nil>] secretRef:<nil>]] mountedSecrets:<nil> mountedVolumes:map[volumeMounts:<nil> volumes:<nil>] oneReplicaPerNode:<nil> podTemplate:map[affinity:map[nodeAffinity:map[preferredDuringSchedulingIgnoredDuringExecution:<nil> requiredDuringSchedulingIgnoredDuringExecution:map[nodeSelectorTerms:<nil>]] podAffinity:map[preferredDuringSchedulingIgnoredDuringExecution:<nil> requiredDuringSchedulingIgnoredDuringExecution:<nil>] podAntiAffinity:map[preferredDuringSchedulingIgnoredDuringExecution:<nil> requiredDuringSchedulingIgnoredDuringExecution:<nil>]] annotations:<nil> envVars:<nil> labels:<nil> podSecurityContext:map[fsGroup:<nil> fsGroupChangePolicy:<nil> runAsGroup:<nil> runAsNonRoot:<nil> runAsUser:<nil> seLinuxOptions:map[level:<nil> role:<nil> type:<nil> user:<nil>] seccompProfile:map[localhostProfile:<nil> type:<nil>] supplementalGroups:<nil> sysctls:<nil> windowsOptions:map[gmsaCredentialSpec:<nil> gmsaCredentialSpecName:<nil> hostProcess:<nil> runAsUserName:<nil>]] priorityClassName:<nil> probe:map[liveness:map[failureThreshold:<nil> initialDelaySeconds:<nil> periodSeconds:<nil> successThreshold:<nil> timeoutSeconds:<nil>] readiness:map[failureThreshold:<nil> initialDelaySeconds:<nil> periodSeconds:<nil> successThreshold:<nil> timeoutSeconds:<nil>]] resources:map[limits:<nil> requests:<nil>] securityContext:map[allowPrivilegeEscalation:<nil> capabilities:map[add:<nil> drop:<nil>] privileged:<nil> procMount:<nil> readOnlyRootFilesystem:<nil> runAsGroup:<nil> runAsNonRoot:<nil> runAsUser:<nil> seLinuxOptions:map[level:<nil> role:<nil> type:<nil> user:<nil>] seccompProfile:map[localhostProfile:<nil> type:<nil>] windowsOptions:map[gmsaCredentialSpec:<nil> gmsaCredentialSpecName:<nil> hostProcess:<nil> runAsUserName:<nil>]] serviceAccountName:<nil> terminationGracePeriodSeconds:<nil> tolerations:<nil> topologySpreadConstraints:<nil>] replicas:3 storageClass:map[name:<nil>] tls:map[autoGeneratedCerts:<nil> directoryPathInContainer:<nil> ignoreTrustStoreConfig:<nil> jksPassword:map[secretRef:<nil>] secretRef:<nil>]]]]
        	            	+map[apiVersion:platform.confluent.io/v1beta1 kind:Zookeeper metadata:map[name:zookeeper namespace:confluent] spec:map[dataVolumeCapacity:10Gi image:map[application:confluentinc/cp-zookeeper:7.2.0 init:confluentinc/confluent-init-container:2.4.0] logVolumeCapacity:10Gi replicas:3]]
        	Test:       	TestTerraformConfluentPlatformExample
        	Messages:   	Map "map[manifest:map[apiVersion:platform.confluent.io/v1beta1 kind:Zookeeper metadata:map[name:zookeeper namespace:confluent] spec:map[dataVolumeCapacity:10Gi image:map[application:confluentinc/cp-zookeeper:7.2.0 init:confluentinc/confluent-init-container:2.4.0] logVolumeCapacity:10Gi replicas:3]] object:map[apiVersion:platform.confluent.io/v1beta1 kind:Zookeeper metadata:map[annotations:<nil> clusterName:<nil> creationTimestamp:<nil> deletionGracePeriodSeconds:<nil> deletionTimestamp:<nil> finalizers:<nil> generateName:<nil> generation:<nil> labels:<nil> managedFields:<nil> name:zookeeper namespace:confluent ownerReferences:<nil> resourceVersion:<nil> selfLink:<nil> uid:<nil>] spec:map[authentication:map[jaasConfig:map[secretRef:<nil>] jaasConfigPassThrough:map[directoryPathInContainer:<nil> secretRef:<nil>] principalMappingRules:<nil> type:<nil>] configOverrides:map[jvm:<nil> log4j:<nil> peers:<nil> server:<nil>] dataVolumeCapacity:10Gi headlessService:map[annotations:<nil> labels:<nil> publishNotReadyAddresses:<nil>] image:map[application:confluentinc/cp-zookeeper:7.2.0 init:confluentinc/confluent-init-container:2.4.0 pullPolicy:<nil> pullSecretRef:<nil>] injectAnnotations:<nil> injectLabels:<nil> k8sClusterDomain:<nil> license:map[directoryPathInContainer:<nil> globalLicense:<nil> secretRef:<nil>] logVolumeCapacity:10Gi metrics:map[authentication:map[type:<nil>] prometheus:map[blacklist:<nil> rules:<nil> whitelist:<nil>] tls:map[directoryPathInContainer:<nil> enabled:<nil> ignoreTrustStoreConfig:<nil> jksPassword:map[secretRef:<nil>] secretRef:<nil>]] mountedSecrets:<nil> mountedVolumes:map[volumeMounts:<nil> volumes:<nil>] oneReplicaPerNode:<nil> podTemplate:map[affinity:map[nodeAffinity:map[preferredDuringSchedulingIgnoredDuringExecution:<nil> requiredDuringSchedulingIgnoredDuringExecution:map[nodeSelectorTerms:<nil>]] podAffinity:map[preferredDuringSchedulingIgnoredDuringExecution:<nil> requiredDuringSchedulingIgnoredDuringExecution:<nil>] podAntiAffinity:map[preferredDuringSchedulingIgnoredDuringExecution:<nil> requiredDuringSchedulingIgnoredDuringExecution:<nil>]] annotations:<nil> envVars:<nil> labels:<nil> podSecurityContext:map[fsGroup:<nil> fsGroupChangePolicy:<nil> runAsGroup:<nil> runAsNonRoot:<nil> runAsUser:<nil> seLinuxOptions:map[level:<nil> role:<nil> type:<nil> user:<nil>] seccompProfile:map[localhostProfile:<nil> type:<nil>] supplementalGroups:<nil> sysctls:<nil> windowsOptions:map[gmsaCredentialSpec:<nil> gmsaCredentialSpecName:<nil> hostProcess:<nil> runAsUserName:<nil>]] priorityClassName:<nil> probe:map[liveness:map[failureThreshold:<nil> initialDelaySeconds:<nil> periodSeconds:<nil> successThreshold:<nil> timeoutSeconds:<nil>] readiness:map[failureThreshold:<nil> initialDelaySeconds:<nil> periodSeconds:<nil> successThreshold:<nil> timeoutSeconds:<nil>]] resources:map[limits:<nil> requests:<nil>] securityContext:map[allowPrivilegeEscalation:<nil> capabilities:map[add:<nil> drop:<nil>] privileged:<nil> procMount:<nil> readOnlyRootFilesystem:<nil> runAsGroup:<nil> runAsNonRoot:<nil> runAsUser:<nil> seLinuxOptions:map[level:<nil> role:<nil> type:<nil> user:<nil>] seccompProfile:map[localhostProfile:<nil> type:<nil>] windowsOptions:map[gmsaCredentialSpec:<nil> gmsaCredentialSpecName:<nil> hostProcess:<nil> runAsUserName:<nil>]] serviceAccountName:<nil> terminationGracePeriodSeconds:<nil> tolerations:<nil> topologySpreadConstraints:<nil>] replicas:3 storageClass:map[name:<nil>] tls:map[autoGeneratedCerts:<nil> directoryPathInContainer:<nil> ignoreTrustStoreConfig:<nil> jksPassword:map[secretRef:<nil>] secretRef:<nil>]]]]" should match "map[apiVersion:platform.confluent.io/v1beta1 kind:Zookeeper metadata:map[name:zookeeper namespace:confluent] spec:map[dataVolumeCapacity:10Gi image:map[application:confluentinc/cp-zookeeper:7.2.0 init:confluentinc/confluent-init-container:2.4.0] logVolumeCapacity:10Gi replicas:3]]"
    terraform_confluent_platform_test.go:43:
        	Error Trace:	terraform_confluent_platform_test.go:43
        	Error:      	Not equal:
        	            	expected: ""
        	            	actual  : "map[apiVersion:platform.confluent.io/v1beta1 kind:Kafka metadata:map[name:kafka namespace:confluent] spec:map[dataVolumeCapacity:10Gi image:map[application:confluentinc/cp-server:7.2.0 init:confluentinc/confluent-init-container:2.4.0] metricReporter:map[enabled:true] replicas:3]]"

        	            	Diff:
        	            	--- Expected
        	            	+++ Actual
        	            	@@ -1 +1 @@
        	            	-
        	            	+map[apiVersion:platform.confluent.io/v1beta1 kind:Kafka metadata:map[name:kafka namespace:confluent] spec:map[dataVolumeCapacity:10Gi image:map[application:confluentinc/cp-server:7.2.0 init:confluentinc/confluent-init-container:2.4.0] metricReporter:map[enabled:true] replicas:3]]
        	Test:       	TestTerraformConfluentPlatformExample
        	Messages:   	Map "" should match "map[apiVersion:platform.confluent.io/v1beta1 kind:Kafka metadata:map[name:kafka namespace:confluent] spec:map[dataVolumeCapacity:10Gi image:map[application:confluentinc/cp-server:7.2.0 init:confluentinc/confluent-init-container:2.4.0] metricReporter:map[enabled:true] replicas:3]]"
    terraform_confluent_platform_test.go:44:
        	Error Trace:	terraform_confluent_platform_test.go:44
        	Error:      	Not equal:
        	            	expected: "map[manifest:map[apiVersion:platform.confluent.io/v1beta1 kind:Connect metadata:map[name:connect namespace:confluent] spec:map[dependencies:map[kafka:map[bootstrapEndpoint:kafka:9071]] image:map[application:confluentinc/cp-server-connect:7.2.0 init:confluentinc/confluent-init-container:2.4.0] replicas:1]] object:map[apiVersion:platform.confluent.io/v1beta1 kind:Connect metadata:map[annotations:<nil> clusterName:<nil> creationTimestamp:<nil> deletionGracePeriodSeconds:<nil> deletionTimestamp:<nil> finalizers:<nil> generateName:<nil> generation:<nil> labels:<nil> managedFields:<nil> name:connect namespace:confluent ownerReferences:<nil> resourceVersion:<nil> selfLink:<nil> uid:<nil>] spec:map[authentication:map[basic:map[debug:<nil> directoryPathInContainer:<nil> restrictedRoles:<nil> roles:<nil> secretRef:<nil>] type:<nil>] authorization:map[kafkaRestClassRef:map[name:<nil> namespace:<nil>] type:<nil>] build:map[onDemand:map[plugins:map[confluentHub:<nil> locationType:<nil> url:<nil>] storageLimit:<nil>] type:<nil>] configOverrides:map[jvm:<nil> log4j:<nil> server:<nil>] connectorOverridePolicy:<nil> connectorTLSCerts:<nil> dependencies:map[admin:map[authentication:map[jaasConfig:map[secretRef:<nil>] jaasConfigPassThrough:map[directoryPathInContainer:<nil> secretRef:<nil>] oauthbearer:map[directoryPathInContainer:<nil> secretRef:<nil>] type:<nil>] bootstrapEndpoint:<nil> discovery:map[name:<nil> namespace:<nil> secretRef:<nil>] tls:map[directoryPathInContainer:<nil> enabled:<nil> ignoreTrustStoreConfig:<nil> jksPassword:map[secretRef:<nil>] secretRef:<nil>]] consumer:map[authentication:map[jaasConfig:map[secretRef:<nil>] jaasConfigPassThrough:map[directoryPathInContainer:<nil> secretRef:<nil>] oauthbearer:map[directoryPathInContainer:<nil> secretRef:<nil>] type:<nil>] bootstrapEndpoint:<nil> discovery:map[name:<nil> namespace:<nil> secretRef:<nil>] tls:map[directoryPathInContainer:<nil> enabled:<nil> ignoreTrustStoreConfig:<nil> jksPassword:map[secretRef:<nil>] secretRef:<nil>]] interceptor:map[configs:<nil> consumer:map[authentication:map[jaasConfig:map[secretRef:<nil>] jaasConfigPassThrough:map[directoryPathInContainer:<nil> secretRef:<nil>] oauthbearer:map[directoryPathInContainer:<nil> secretRef:<nil>] type:<nil>] bootstrapEndpoint:<nil> discovery:map[name:<nil> namespace:<nil> secretRef:<nil>] tls:map[directoryPathInContainer:<nil> enabled:<nil> ignoreTrustStoreConfig:<nil> jksPassword:map[secretRef:<nil>] secretRef:<nil>]] enabled:<nil> producer:map[authentication:map[jaasConfig:map[secretRef:<nil>] jaasConfigPassThrough:map[directoryPathInContainer:<nil> secretRef:<nil>] oauthbearer:map[directoryPathInContainer:<nil> secretRef:<nil>] type:<nil>] bootstrapEndpoint:<nil> discovery:map[name:<nil> namespace:<nil> secretRef:<nil>] tls:map[directoryPathInContainer:<nil> enabled:<nil> ignoreTrustStoreConfig:<nil> jksPassword:map[secretRef:<nil>] secretRef:<nil>]] publishMs:<nil>] kafka:map[authentication:map[jaasConfig:map[secretRef:<nil>] jaasConfigPassThrough:map[directoryPathInContainer:<nil> secretRef:<nil>] oauthbearer:map[directoryPathInContainer:<nil> secretRef:<nil>] type:<nil>] bootstrapEndpoint:kafka:9071 discovery:map[name:<nil> namespace:<nil> secretRef:<nil>] tls:map[directoryPathInContainer:<nil> enabled:<nil> ignoreTrustStoreConfig:<nil> jksPassword:map[secretRef:<nil>] secretRef:<nil>]] mds:map[authentication:map[bearer:map[directoryPathInContainer:<nil> secretRef:<nil>] type:<nil>] endpoint:<nil> tls:map[directoryPathInContainer:<nil> enabled:<nil> ignoreTrustStoreConfig:<nil> jksPassword:map[secretRef:<nil>] secretRef:<nil>] tokenKeyPair:map[directoryPathInContainer:<nil> secretRef:<nil>]] producer:map[authentication:map[jaasConfig:map[secretRef:<nil>] jaasConfigPassThrough:map[directoryPathInContainer:<nil> secretRef:<nil>] oauthbearer:map[directoryPathInContainer:<nil> secretRef:<nil>] type:<nil>] bootstrapEndpoint:<nil> discovery:map[name:<nil> namespace:<nil> secretRef:<nil>] tls:map[directoryPathInContainer:<nil> enabled:<nil> ignoreTrustStoreConfig:<nil> jksPassword:map[secretRef:<nil>] secretRef:<nil>]] schemaRegistry:map[authentication:map[basic:map[debug:<nil> directoryPathInContainer:<nil> restrictedRoles:<nil> roles:<nil> secretRef:<nil>] type:<nil>] tls:map[directoryPathInContainer:<nil> enabled:<nil> ignoreTrustStoreConfig:<nil> jksPassword:map[secretRef:<nil>] secretRef:<nil>] url:<nil>]] enableSchemas:<nil> externalAccess:map[loadBalancer:map[advertisedURL:map[enabled:<nil> prefix:<nil>] annotations:<nil> domain:<nil> externalTrafficPolicy:<nil> labels:<nil> loadBalancerSourceRanges:<nil> port:<nil> prefix:<nil> servicePorts:<nil> sessionAffinity:<nil> sessionAffinityConfig:map[clientIP:map[timeoutSeconds:<nil>]]] nodePort:map[advertisedURL:map[enabled:<nil> prefix:<nil>] annotations:<nil> externalTrafficPolicy:<nil> host:<nil> labels:<nil> nodePortOffset:<nil> servicePorts:<nil> sessionAffinity:<nil> sessionAffinityConfig:map[clientIP:map[timeoutSeconds:<nil>]]] route:map[annotations:<nil> domain:<nil> labels:<nil> prefix:<nil> wildcardPolicy:<nil>] type:<nil>] headlessService:map[annotations:<nil> labels:<nil> publishNotReadyAddresses:<nil>] image:map[application:confluentinc/cp-server-connect:7.2.0 init:confluentinc/confluent-init-container:2.4.0 pullPolicy:<nil> pullSecretRef:<nil>] injectAnnotations:<nil> injectLabels:<nil> internalTopicReplicationFactor:<nil> k8sClusterDomain:<nil> keyConverterType:<nil> license:map[directoryPathInContainer:<nil> globalLicense:<nil> secretRef:<nil>] metrics:map[authentication:map[type:<nil>] prometheus:map[blacklist:<nil> rules:<nil> whitelist:<nil>] tls:map[directoryPathInContainer:<nil> enabled:<nil> ignoreTrustStoreConfig:<nil> jksPassword:map[secretRef:<nil>] secretRef:<nil>]] mountedSecrets:<nil> mountedVolumes:map[volumeMounts:<nil> volumes:<nil>] oneReplicaPerNode:<nil> podTemplate:map[affinity:map[nodeAffinity:map[preferredDuringSchedulingIgnoredDuringExecution:<nil> requiredDuringSchedulingIgnoredDuringExecution:map[nodeSelectorTerms:<nil>]] podAffinity:map[preferredDuringSchedulingIgnoredDuringExecution:<nil> requiredDuringSchedulingIgnoredDuringExecution:<nil>] podAntiAffinity:map[preferredDuringSchedulingIgnoredDuringExecution:<nil> requiredDuringSchedulingIgnoredDuringExecution:<nil>]] annotations:<nil> envVars:<nil> labels:<nil> podSecurityContext:map[fsGroup:<nil> fsGroupChangePolicy:<nil> runAsGroup:<nil> runAsNonRoot:<nil> runAsUser:<nil> seLinuxOptions:map[level:<nil> role:<nil> type:<nil> user:<nil>] seccompProfile:map[localhostProfile:<nil> type:<nil>] supplementalGroups:<nil> sysctls:<nil> windowsOptions:map[gmsaCredentialSpec:<nil> gmsaCredentialSpecName:<nil> hostProcess:<nil> runAsUserName:<nil>]] priorityClassName:<nil> probe:map[liveness:map[failureThreshold:<nil> initialDelaySeconds:<nil> periodSeconds:<nil> successThreshold:<nil> timeoutSeconds:<nil>] readiness:map[failureThreshold:<nil> initialDelaySeconds:<nil> periodSeconds:<nil> successThreshold:<nil> timeoutSeconds:<nil>]] resources:map[limits:<nil> requests:<nil>] securityContext:map[allowPrivilegeEscalation:<nil> capabilities:map[add:<nil> drop:<nil>] privileged:<nil> procMount:<nil> readOnlyRootFilesystem:<nil> runAsGroup:<nil> runAsNonRoot:<nil> runAsUser:<nil> seLinuxOptions:map[level:<nil> role:<nil> type:<nil> user:<nil>] seccompProfile:map[localhostProfile:<nil> type:<nil>] windowsOptions:map[gmsaCredentialSpec:<nil> gmsaCredentialSpecName:<nil> hostProcess:<nil> runAsUserName:<nil>]] serviceAccountName:<nil> terminationGracePeriodSeconds:<nil> tolerations:<nil> topologySpreadConstraints:<nil>] replicas:1 telemetry:map[global:<nil>] tls:map[autoGeneratedCerts:<nil> directoryPathInContainer:<nil> ignoreTrustStoreConfig:<nil> jksPassword:map[secretRef:<nil>] secretRef:<nil>] valueConverterType:<nil>]]"
        	            	actual  : "map[apiVersion:platform.confluent.io/v1beta1 kind:Connect metadata:map[name:connect namespace:confluent] spec:map[dependencies:map[kafka:map[bootstrapEndpoint:kafka:9071]] image:map[application:confluentinc/cp-server-connect:7.2.0 init:confluentinc/confluent-init-container:2.4.0] replicas:1]]"

        	            	Diff:
        	            	--- Expected
        	            	+++ Actual
        	            	@@ -1 +1 @@
        	            	-map[manifest:map[apiVersion:platform.confluent.io/v1beta1 kind:Connect metadata:map[name:connect namespace:confluent] spec:map[dependencies:map[kafka:map[bootstrapEndpoint:kafka:9071]] image:map[application:confluentinc/cp-server-connect:7.2.0 init:confluentinc/confluent-init-container:2.4.0] replicas:1]] object:map[apiVersion:platform.confluent.io/v1beta1 kind:Connect metadata:map[annotations:<nil> clusterName:<nil> creationTimestamp:<nil> deletionGracePeriodSeconds:<nil> deletionTimestamp:<nil> finalizers:<nil> generateName:<nil> generation:<nil> labels:<nil> managedFields:<nil> name:connect namespace:confluent ownerReferences:<nil> resourceVersion:<nil> selfLink:<nil> uid:<nil>] spec:map[authentication:map[basic:map[debug:<nil> directoryPathInContainer:<nil> restrictedRoles:<nil> roles:<nil> secretRef:<nil>] type:<nil>] authorization:map[kafkaRestClassRef:map[name:<nil> namespace:<nil>] type:<nil>] build:map[onDemand:map[plugins:map[confluentHub:<nil> locationType:<nil> url:<nil>] storageLimit:<nil>] type:<nil>] configOverrides:map[jvm:<nil> log4j:<nil> server:<nil>] connectorOverridePolicy:<nil> connectorTLSCerts:<nil> dependencies:map[admin:map[authentication:map[jaasConfig:map[secretRef:<nil>] jaasConfigPassThrough:map[directoryPathInContainer:<nil> secretRef:<nil>] oauthbearer:map[directoryPathInContainer:<nil> secretRef:<nil>] type:<nil>] bootstrapEndpoint:<nil> discovery:map[name:<nil> namespace:<nil> secretRef:<nil>] tls:map[directoryPathInContainer:<nil> enabled:<nil> ignoreTrustStoreConfig:<nil> jksPassword:map[secretRef:<nil>] secretRef:<nil>]] consumer:map[authentication:map[jaasConfig:map[secretRef:<nil>] jaasConfigPassThrough:map[directoryPathInContainer:<nil> secretRef:<nil>] oauthbearer:map[directoryPathInContainer:<nil> secretRef:<nil>] type:<nil>] bootstrapEndpoint:<nil> discovery:map[name:<nil> namespace:<nil> secretRef:<nil>] tls:map[directoryPathInContainer:<nil> enabled:<nil> ignoreTrustStoreConfig:<nil> jksPassword:map[secretRef:<nil>] secretRef:<nil>]] interceptor:map[configs:<nil> consumer:map[authentication:map[jaasConfig:map[secretRef:<nil>] jaasConfigPassThrough:map[directoryPathInContainer:<nil> secretRef:<nil>] oauthbearer:map[directoryPathInContainer:<nil> secretRef:<nil>] type:<nil>] bootstrapEndpoint:<nil> discovery:map[name:<nil> namespace:<nil> secretRef:<nil>] tls:map[directoryPathInContainer:<nil> enabled:<nil> ignoreTrustStoreConfig:<nil> jksPassword:map[secretRef:<nil>] secretRef:<nil>]] enabled:<nil> producer:map[authentication:map[jaasConfig:map[secretRef:<nil>] jaasConfigPassThrough:map[directoryPathInContainer:<nil> secretRef:<nil>] oauthbearer:map[directoryPathInContainer:<nil> secretRef:<nil>] type:<nil>] bootstrapEndpoint:<nil> discovery:map[name:<nil> namespace:<nil> secretRef:<nil>] tls:map[directoryPathInContainer:<nil> enabled:<nil> ignoreTrustStoreConfig:<nil> jksPassword:map[secretRef:<nil>] secretRef:<nil>]] publishMs:<nil>] kafka:map[authentication:map[jaasConfig:map[secretRef:<nil>] jaasConfigPassThrough:map[directoryPathInContainer:<nil> secretRef:<nil>] oauthbearer:map[directoryPathInContainer:<nil> secretRef:<nil>] type:<nil>] bootstrapEndpoint:kafka:9071 discovery:map[name:<nil> namespace:<nil> secretRef:<nil>] tls:map[directoryPathInContainer:<nil> enabled:<nil> ignoreTrustStoreConfig:<nil> jksPassword:map[secretRef:<nil>] secretRef:<nil>]] mds:map[authentication:map[bearer:map[directoryPathInContainer:<nil> secretRef:<nil>] type:<nil>] endpoint:<nil> tls:map[directoryPathInContainer:<nil> enabled:<nil> ignoreTrustStoreConfig:<nil> jksPassword:map[secretRef:<nil>] secretRef:<nil>] tokenKeyPair:map[directoryPathInContainer:<nil> secretRef:<nil>]] producer:map[authentication:map[jaasConfig:map[secretRef:<nil>] jaasConfigPassThrough:map[directoryPathInContainer:<nil> secretRef:<nil>] oauthbearer:map[directoryPathInContainer:<nil> secretRef:<nil>] type:<nil>] bootstrapEndpoint:<nil> discovery:map[name:<nil> namespace:<nil> secretRef:<nil>] tls:map[directoryPathInContainer:<nil> enabled:<nil> ignoreTrustStoreConfig:<nil> jksPassword:map[secretRef:<nil>] secretRef:<nil>]] schemaRegistry:map[authentication:map[basic:map[debug:<nil> directoryPathInContainer:<nil> restrictedRoles:<nil> roles:<nil> secretRef:<nil>] type:<nil>] tls:map[directoryPathInContainer:<nil> enabled:<nil> ignoreTrustStoreConfig:<nil> jksPassword:map[secretRef:<nil>] secretRef:<nil>] url:<nil>]] enableSchemas:<nil> externalAccess:map[loadBalancer:map[advertisedURL:map[enabled:<nil> prefix:<nil>] annotations:<nil> domain:<nil> externalTrafficPolicy:<nil> labels:<nil> loadBalancerSourceRanges:<nil> port:<nil> prefix:<nil> servicePorts:<nil> sessionAffinity:<nil> sessionAffinityConfig:map[clientIP:map[timeoutSeconds:<nil>]]] nodePort:map[advertisedURL:map[enabled:<nil> prefix:<nil>] annotations:<nil> externalTrafficPolicy:<nil> host:<nil> labels:<nil> nodePortOffset:<nil> servicePorts:<nil> sessionAffinity:<nil> sessionAffinityConfig:map[clientIP:map[timeoutSeconds:<nil>]]] route:map[annotations:<nil> domain:<nil> labels:<nil> prefix:<nil> wildcardPolicy:<nil>] type:<nil>] headlessService:map[annotations:<nil> labels:<nil> publishNotReadyAddresses:<nil>] image:map[application:confluentinc/cp-server-connect:7.2.0 init:confluentinc/confluent-init-container:2.4.0 pullPolicy:<nil> pullSecretRef:<nil>] injectAnnotations:<nil> injectLabels:<nil> internalTopicReplicationFactor:<nil> k8sClusterDomain:<nil> keyConverterType:<nil> license:map[directoryPathInContainer:<nil> globalLicense:<nil> secretRef:<nil>] metrics:map[authentication:map[type:<nil>] prometheus:map[blacklist:<nil> rules:<nil> whitelist:<nil>] tls:map[directoryPathInContainer:<nil> enabled:<nil> ignoreTrustStoreConfig:<nil> jksPassword:map[secretRef:<nil>] secretRef:<nil>]] mountedSecrets:<nil> mountedVolumes:map[volumeMounts:<nil> volumes:<nil>] oneReplicaPerNode:<nil> podTemplate:map[affinity:map[nodeAffinity:map[preferredDuringSchedulingIgnoredDuringExecution:<nil> requiredDuringSchedulingIgnoredDuringExecution:map[nodeSelectorTerms:<nil>]] podAffinity:map[preferredDuringSchedulingIgnoredDuringExecution:<nil> requiredDuringSchedulingIgnoredDuringExecution:<nil>] podAntiAffinity:map[preferredDuringSchedulingIgnoredDuringExecution:<nil> requiredDuringSchedulingIgnoredDuringExecution:<nil>]] annotations:<nil> envVars:<nil> labels:<nil> podSecurityContext:map[fsGroup:<nil> fsGroupChangePolicy:<nil> runAsGroup:<nil> runAsNonRoot:<nil> runAsUser:<nil> seLinuxOptions:map[level:<nil> role:<nil> type:<nil> user:<nil>] seccompProfile:map[localhostProfile:<nil> type:<nil>] supplementalGroups:<nil> sysctls:<nil> windowsOptions:map[gmsaCredentialSpec:<nil> gmsaCredentialSpecName:<nil> hostProcess:<nil> runAsUserName:<nil>]] priorityClassName:<nil> probe:map[liveness:map[failureThreshold:<nil> initialDelaySeconds:<nil> periodSeconds:<nil> successThreshold:<nil> timeoutSeconds:<nil>] readiness:map[failureThreshold:<nil> initialDelaySeconds:<nil> periodSeconds:<nil> successThreshold:<nil> timeoutSeconds:<nil>]] resources:map[limits:<nil> requests:<nil>] securityContext:map[allowPrivilegeEscalation:<nil> capabilities:map[add:<nil> drop:<nil>] privileged:<nil> procMount:<nil> readOnlyRootFilesystem:<nil> runAsGroup:<nil> runAsNonRoot:<nil> runAsUser:<nil> seLinuxOptions:map[level:<nil> role:<nil> type:<nil> user:<nil>] seccompProfile:map[localhostProfile:<nil> type:<nil>] windowsOptions:map[gmsaCredentialSpec:<nil> gmsaCredentialSpecName:<nil> hostProcess:<nil> runAsUserName:<nil>]] serviceAccountName:<nil> terminationGracePeriodSeconds:<nil> tolerations:<nil> topologySpreadConstraints:<nil>] replicas:1 telemetry:map[global:<nil>] tls:map[autoGeneratedCerts:<nil> directoryPathInContainer:<nil> ignoreTrustStoreConfig:<nil> jksPassword:map[secretRef:<nil>] secretRef:<nil>] valueConverterType:<nil>]]
        	            	+map[apiVersion:platform.confluent.io/v1beta1 kind:Connect metadata:map[name:connect namespace:confluent] spec:map[dependencies:map[kafka:map[bootstrapEndpoint:kafka:9071]] image:map[application:confluentinc/cp-server-connect:7.2.0 init:confluentinc/confluent-init-container:2.4.0] replicas:1]]
        	Test:       	TestTerraformConfluentPlatformExample
        	Messages:   	Map "map[manifest:map[apiVersion:platform.confluent.io/v1beta1 kind:Connect metadata:map[name:connect namespace:confluent] spec:map[dependencies:map[kafka:map[bootstrapEndpoint:kafka:9071]] image:map[application:confluentinc/cp-server-connect:7.2.0 init:confluentinc/confluent-init-container:2.4.0] replicas:1]] object:map[apiVersion:platform.confluent.io/v1beta1 kind:Connect metadata:map[annotations:<nil> clusterName:<nil> creationTimestamp:<nil> deletionGracePeriodSeconds:<nil> deletionTimestamp:<nil> finalizers:<nil> generateName:<nil> generation:<nil> labels:<nil> managedFields:<nil> name:connect namespace:confluent ownerReferences:<nil> resourceVersion:<nil> selfLink:<nil> uid:<nil>] spec:map[authentication:map[basic:map[debug:<nil> directoryPathInContainer:<nil> restrictedRoles:<nil> roles:<nil> secretRef:<nil>] type:<nil>] authorization:map[kafkaRestClassRef:map[name:<nil> namespace:<nil>] type:<nil>] build:map[onDemand:map[plugins:map[confluentHub:<nil> locationType:<nil> url:<nil>] storageLimit:<nil>] type:<nil>] configOverrides:map[jvm:<nil> log4j:<nil> server:<nil>] connectorOverridePolicy:<nil> connectorTLSCerts:<nil> dependencies:map[admin:map[authentication:map[jaasConfig:map[secretRef:<nil>] jaasConfigPassThrough:map[directoryPathInContainer:<nil> secretRef:<nil>] oauthbearer:map[directoryPathInContainer:<nil> secretRef:<nil>] type:<nil>] bootstrapEndpoint:<nil> discovery:map[name:<nil> namespace:<nil> secretRef:<nil>] tls:map[directoryPathInContainer:<nil> enabled:<nil> ignoreTrustStoreConfig:<nil> jksPassword:map[secretRef:<nil>] secretRef:<nil>]] consumer:map[authentication:map[jaasConfig:map[secretRef:<nil>] jaasConfigPassThrough:map[directoryPathInContainer:<nil> secretRef:<nil>] oauthbearer:map[directoryPathInContainer:<nil> secretRef:<nil>] type:<nil>] bootstrapEndpoint:<nil> discovery:map[name:<nil> namespace:<nil> secretRef:<nil>] tls:map[directoryPathInContainer:<nil> enabled:<nil> ignoreTrustStoreConfig:<nil> jksPassword:map[secretRef:<nil>] secretRef:<nil>]] interceptor:map[configs:<nil> consumer:map[authentication:map[jaasConfig:map[secretRef:<nil>] jaasConfigPassThrough:map[directoryPathInContainer:<nil> secretRef:<nil>] oauthbearer:map[directoryPathInContainer:<nil> secretRef:<nil>] type:<nil>] bootstrapEndpoint:<nil> discovery:map[name:<nil> namespace:<nil> secretRef:<nil>] tls:map[directoryPathInContainer:<nil> enabled:<nil> ignoreTrustStoreConfig:<nil> jksPassword:map[secretRef:<nil>] secretRef:<nil>]] enabled:<nil> producer:map[authentication:map[jaasConfig:map[secretRef:<nil>] jaasConfigPassThrough:map[directoryPathInContainer:<nil> secretRef:<nil>] oauthbearer:map[directoryPathInContainer:<nil> secretRef:<nil>] type:<nil>] bootstrapEndpoint:<nil> discovery:map[name:<nil> namespace:<nil> secretRef:<nil>] tls:map[directoryPathInContainer:<nil> enabled:<nil> ignoreTrustStoreConfig:<nil> jksPassword:map[secretRef:<nil>] secretRef:<nil>]] publishMs:<nil>] kafka:map[authentication:map[jaasConfig:map[secretRef:<nil>] jaasConfigPassThrough:map[directoryPathInContainer:<nil> secretRef:<nil>] oauthbearer:map[directoryPathInContainer:<nil> secretRef:<nil>] type:<nil>] bootstrapEndpoint:kafka:9071 discovery:map[name:<nil> namespace:<nil> secretRef:<nil>] tls:map[directoryPathInContainer:<nil> enabled:<nil> ignoreTrustStoreConfig:<nil> jksPassword:map[secretRef:<nil>] secretRef:<nil>]] mds:map[authentication:map[bearer:map[directoryPathInContainer:<nil> secretRef:<nil>] type:<nil>] endpoint:<nil> tls:map[directoryPathInContainer:<nil> enabled:<nil> ignoreTrustStoreConfig:<nil> jksPassword:map[secretRef:<nil>] secretRef:<nil>] tokenKeyPair:map[directoryPathInContainer:<nil> secretRef:<nil>]] producer:map[authentication:map[jaasConfig:map[secretRef:<nil>] jaasConfigPassThrough:map[directoryPathInContainer:<nil> secretRef:<nil>] oauthbearer:map[directoryPathInContainer:<nil> secretRef:<nil>] type:<nil>] bootstrapEndpoint:<nil> discovery:map[name:<nil> namespace:<nil> secretRef:<nil>] tls:map[directoryPathInContainer:<nil> enabled:<nil> ignoreTrustStoreConfig:<nil> jksPassword:map[secretRef:<nil>] secretRef:<nil>]] schemaRegistry:map[authentication:map[basic:map[debug:<nil> directoryPathInContainer:<nil> restrictedRoles:<nil> roles:<nil> secretRef:<nil>] type:<nil>] tls:map[directoryPathInContainer:<nil> enabled:<nil> ignoreTrustStoreConfig:<nil> jksPassword:map[secretRef:<nil>] secretRef:<nil>] url:<nil>]] enableSchemas:<nil> externalAccess:map[loadBalancer:map[advertisedURL:map[enabled:<nil> prefix:<nil>] annotations:<nil> domain:<nil> externalTrafficPolicy:<nil> labels:<nil> loadBalancerSourceRanges:<nil> port:<nil> prefix:<nil> servicePorts:<nil> sessionAffinity:<nil> sessionAffinityConfig:map[clientIP:map[timeoutSeconds:<nil>]]] nodePort:map[advertisedURL:map[enabled:<nil> prefix:<nil>] annotations:<nil> externalTrafficPolicy:<nil> host:<nil> labels:<nil> nodePortOffset:<nil> servicePorts:<nil> sessionAffinity:<nil> sessionAffinityConfig:map[clientIP:map[timeoutSeconds:<nil>]]] route:map[annotations:<nil> domain:<nil> labels:<nil> prefix:<nil> wildcardPolicy:<nil>] type:<nil>] headlessService:map[annotations:<nil> labels:<nil> publishNotReadyAddresses:<nil>] image:map[application:confluentinc/cp-server-connect:7.2.0 init:confluentinc/confluent-init-container:2.4.0 pullPolicy:<nil> pullSecretRef:<nil>] injectAnnotations:<nil> injectLabels:<nil> internalTopicReplicationFactor:<nil> k8sClusterDomain:<nil> keyConverterType:<nil> license:map[directoryPathInContainer:<nil> globalLicense:<nil> secretRef:<nil>] metrics:map[authentication:map[type:<nil>] prometheus:map[blacklist:<nil> rules:<nil> whitelist:<nil>] tls:map[directoryPathInContainer:<nil> enabled:<nil> ignoreTrustStoreConfig:<nil> jksPassword:map[secretRef:<nil>] secretRef:<nil>]] mountedSecrets:<nil> mountedVolumes:map[volumeMounts:<nil> volumes:<nil>] oneReplicaPerNode:<nil> podTemplate:map[affinity:map[nodeAffinity:map[preferredDuringSchedulingIgnoredDuringExecution:<nil> requiredDuringSchedulingIgnoredDuringExecution:map[nodeSelectorTerms:<nil>]] podAffinity:map[preferredDuringSchedulingIgnoredDuringExecution:<nil> requiredDuringSchedulingIgnoredDuringExecution:<nil>] podAntiAffinity:map[preferredDuringSchedulingIgnoredDuringExecution:<nil> requiredDuringSchedulingIgnoredDuringExecution:<nil>]] annotations:<nil> envVars:<nil> labels:<nil> podSecurityContext:map[fsGroup:<nil> fsGroupChangePolicy:<nil> runAsGroup:<nil> runAsNonRoot:<nil> runAsUser:<nil> seLinuxOptions:map[level:<nil> role:<nil> type:<nil> user:<nil>] seccompProfile:map[localhostProfile:<nil> type:<nil>] supplementalGroups:<nil> sysctls:<nil> windowsOptions:map[gmsaCredentialSpec:<nil> gmsaCredentialSpecName:<nil> hostProcess:<nil> runAsUserName:<nil>]] priorityClassName:<nil> probe:map[liveness:map[failureThreshold:<nil> initialDelaySeconds:<nil> periodSeconds:<nil> successThreshold:<nil> timeoutSeconds:<nil>] readiness:map[failureThreshold:<nil> initialDelaySeconds:<nil> periodSeconds:<nil> successThreshold:<nil> timeoutSeconds:<nil>]] resources:map[limits:<nil> requests:<nil>] securityContext:map[allowPrivilegeEscalation:<nil> capabilities:map[add:<nil> drop:<nil>] privileged:<nil> procMount:<nil> readOnlyRootFilesystem:<nil> runAsGroup:<nil> runAsNonRoot:<nil> runAsUser:<nil> seLinuxOptions:map[level:<nil> role:<nil> type:<nil> user:<nil>] seccompProfile:map[localhostProfile:<nil> type:<nil>] windowsOptions:map[gmsaCredentialSpec:<nil> gmsaCredentialSpecName:<nil> hostProcess:<nil> runAsUserName:<nil>]] serviceAccountName:<nil> terminationGracePeriodSeconds:<nil> tolerations:<nil> topologySpreadConstraints:<nil>] replicas:1 telemetry:map[global:<nil>] tls:map[autoGeneratedCerts:<nil> directoryPathInContainer:<nil> ignoreTrustStoreConfig:<nil> jksPassword:map[secretRef:<nil>] secretRef:<nil>] valueConverterType:<nil>]]" should match "map[apiVersion:platform.confluent.io/v1beta1 kind:Connect metadata:map[name:connect namespace:confluent] spec:map[dependencies:map[kafka:map[bootstrapEndpoint:kafka:9071]] image:map[application:confluentinc/cp-server-connect:7.2.0 init:confluentinc/confluent-init-container:2.4.0] replicas:1]]"
    terraform_confluent_platform_test.go:45:
        	Error Trace:	terraform_confluent_platform_test.go:45
        	Error:      	Not equal:
        	            	expected: ""
        	            	actual  : "map[apiVersion:platform.confluent.io/v1beta1 kind:KsqlDB metadata:map[name:ksqldb namespace:confluent] spec:map[dataVolumeCapacity:10Gi image:map[application:confluentinc/cp-ksqldb-server:7.2.0 init:confluentinc/confluent-init-container:2.4.0] replicas:1]]"

        	            	Diff:
        	            	--- Expected
        	            	+++ Actual
        	            	@@ -1 +1 @@
        	            	-
        	            	+map[apiVersion:platform.confluent.io/v1beta1 kind:KsqlDB metadata:map[name:ksqldb namespace:confluent] spec:map[dataVolumeCapacity:10Gi image:map[application:confluentinc/cp-ksqldb-server:7.2.0 init:confluentinc/confluent-init-container:2.4.0] replicas:1]]
        	Test:       	TestTerraformConfluentPlatformExample
        	Messages:   	Map "" should match "map[apiVersion:platform.confluent.io/v1beta1 kind:KsqlDB metadata:map[name:ksqldb namespace:confluent] spec:map[dataVolumeCapacity:10Gi image:map[application:confluentinc/cp-ksqldb-server:7.2.0 init:confluentinc/confluent-init-container:2.4.0] replicas:1]]"
    terraform_confluent_platform_test.go:46:
        	Error Trace:	terraform_confluent_platform_test.go:46
        	Error:      	Not equal:
        	            	expected: ""
        	            	actual  : "map[apiVersion:platform.confluent.io/v1beta1 kind:ControlCenter metadata:map[name:controlcenter namespace:confluent] spec:map[dataVolumeCapacity:10Gi dependencies:map[connect:[map[name:connect url:http://connect.confluent.svc.cluster.local:8083]] ksqldb:[map[name:ksqldb url:http://ksqldb.confluent.svc.cluster.local:8088]] schemaRegistry:map[url:http://schemaregistry.confluent.svc.cluster.local:8081]] image:map[application:confluentinc/cp-enterprise-control-center:7.2.0 init:confluentinc/confluent-init-container:2.4.0] replicas:1]]"

        	            	Diff:
        	            	--- Expected
        	            	+++ Actual
        	            	@@ -1 +1 @@
        	            	-
        	            	+map[apiVersion:platform.confluent.io/v1beta1 kind:ControlCenter metadata:map[name:controlcenter namespace:confluent] spec:map[dataVolumeCapacity:10Gi dependencies:map[connect:[map[name:connect url:http://connect.confluent.svc.cluster.local:8083]] ksqldb:[map[name:ksqldb url:http://ksqldb.confluent.svc.cluster.local:8088]] schemaRegistry:map[url:http://schemaregistry.confluent.svc.cluster.local:8081]] image:map[application:confluentinc/cp-enterprise-control-center:7.2.0 init:confluentinc/confluent-init-container:2.4.0] replicas:1]]
        	Test:       	TestTerraformConfluentPlatformExample
        	Messages:   	Map "" should match "map[apiVersion:platform.confluent.io/v1beta1 kind:ControlCenter metadata:map[name:controlcenter namespace:confluent] spec:map[dataVolumeCapacity:10Gi dependencies:map[connect:[map[name:connect url:http://connect.confluent.svc.cluster.local:8083]] ksqldb:[map[name:ksqldb url:http://ksqldb.confluent.svc.cluster.local:8088]] schemaRegistry:map[url:http://schemaregistry.confluent.svc.cluster.local:8081]] image:map[application:confluentinc/cp-enterprise-control-center:7.2.0 init:confluentinc/confluent-init-container:2.4.0] replicas:1]]"
    terraform_confluent_platform_test.go:47:
        	Error Trace:	terraform_confluent_platform_test.go:47
        	Error:      	Not equal:
        	            	expected: ""
        	            	actual  : "map[apiVersion:platform.confluent.io/v1beta1 kind:SchemaRegistry metadata:map[name:schemaregistry namespace:confluent] spec:map[image:map[application:confluentinc/cp-schema-registry:7.2.0 init:confluentinc/confluent-init-container:2.4.0] replicas:3]]"

        	            	Diff:
        	            	--- Expected
        	            	+++ Actual
        	            	@@ -1 +1 @@
        	            	-
        	            	+map[apiVersion:platform.confluent.io/v1beta1 kind:SchemaRegistry metadata:map[name:schemaregistry namespace:confluent] spec:map[image:map[application:confluentinc/cp-schema-registry:7.2.0 init:confluentinc/confluent-init-container:2.4.0] replicas:3]]
        	Test:       	TestTerraformConfluentPlatformExample
        	Messages:   	Map "" should match "map[apiVersion:platform.confluent.io/v1beta1 kind:SchemaRegistry metadata:map[name:schemaregistry namespace:confluent] spec:map[image:map[application:confluentinc/cp-schema-registry:7.2.0 init:confluentinc/confluent-init-container:2.4.0] replicas:3]]"
    terraform_confluent_platform_test.go:48:
        	Error Trace:	terraform_confluent_platform_test.go:48
        	Error:      	Not equal:
        	            	expected: ""
        	            	actual  : "map[apiVersion:platform.confluent.io/v1beta1 kind:KafkaRestProxy metadata:map[name:kafkarestproxy namespace:confluent] spec:map[dependencies:map[schemaRegistry:map[url:http://schemaregistry.confluent.svc.cluster.local:8081]] image:map[application:confluentinc/cp-kafka-rest:7.2.0 init:confluentinc/confluent-init-container:2.4.0] replicas:1]]"

        	            	Diff:
        	            	--- Expected
        	            	+++ Actual
        	            	@@ -1 +1 @@
        	            	-
        	            	+map[apiVersion:platform.confluent.io/v1beta1 kind:KafkaRestProxy metadata:map[name:kafkarestproxy namespace:confluent] spec:map[dependencies:map[schemaRegistry:map[url:http://schemaregistry.confluent.svc.cluster.local:8081]] image:map[application:confluentinc/cp-kafka-rest:7.2.0 init:confluentinc/confluent-init-container:2.4.0] replicas:1]]
        	Test:       	TestTerraformConfluentPlatformExample
        	Messages:   	Map "" should match "map[apiVersion:platform.confluent.io/v1beta1 kind:KafkaRestProxy metadata:map[name:kafkarestproxy namespace:confluent] spec:map[dependencies:map[schemaRegistry:map[url:http://schemaregistry.confluent.svc.cluster.local:8081]] image:map[application:confluentinc/cp-kafka-rest:7.2.0 init:confluentinc/confluent-init-container:2.4.0] replicas:1]]"
TestTerraformConfluentPlatformExample 2022-07-30T19:35:57Z retry.go:91: terraform [apply -input=false -auto-approve -no-color -lock=false]
TestTerraformConfluentPlatformExample 2022-07-30T19:35:57Z logger.go:66: Running command terraform with args [apply -input=false -auto-approve -no-color -lock=false]
TestTerraformConfluentPlatformExample 2022-07-30T19:36:21Z logger.go:66: module.confluent_platform.kubernetes_manifest.component["zookeeper"]: Refreshing state...
TestTerraformConfluentPlatformExample 2022-07-30T19:36:21Z logger.go:66: module.confluent_platform.kubernetes_manifest.component["schemaregistry"]: Refreshing state...
TestTerraformConfluentPlatformExample 2022-07-30T19:36:21Z logger.go:66: module.confluent_platform.kubernetes_manifest.component["kafkarestproxy"]: Refreshing state...
TestTerraformConfluentPlatformExample 2022-07-30T19:36:22Z logger.go:66: module.confluent_platform.kubernetes_manifest.component["connect"]: Refreshing state...
TestTerraformConfluentPlatformExample 2022-07-30T19:36:22Z logger.go:66: module.confluent_platform.kubernetes_manifest.component["controlcenter"]: Refreshing state...
TestTerraformConfluentPlatformExample 2022-07-30T19:36:22Z logger.go:66: module.confluent_platform.kubernetes_manifest.component["ksqldb"]: Refreshing state...
TestTerraformConfluentPlatformExample 2022-07-30T19:36:22Z logger.go:66: module.confluent_platform.kubernetes_manifest.component["kafka"]: Refreshing state...
TestTerraformConfluentPlatformExample 2022-07-30T19:36:29Z logger.go:66:
TestTerraformConfluentPlatformExample 2022-07-30T19:36:29Z logger.go:66: No changes. Your infrastructure matches the configuration.
TestTerraformConfluentPlatformExample 2022-07-30T19:36:29Z logger.go:66:
TestTerraformConfluentPlatformExample 2022-07-30T19:36:29Z logger.go:66: Terraform has compared your real infrastructure against your configuration
TestTerraformConfluentPlatformExample 2022-07-30T19:36:29Z logger.go:66: and found no differences, so no changes are needed.
TestTerraformConfluentPlatformExample 2022-07-30T19:36:30Z logger.go:66:
TestTerraformConfluentPlatformExample 2022-07-30T19:36:30Z logger.go:66: Apply complete! Resources: 0 added, 0 changed, 0 destroyed.
TestTerraformConfluentPlatformExample 2022-07-30T19:36:30Z logger.go:66:
TestTerraformConfluentPlatformExample 2022-07-30T19:36:30Z logger.go:66: Outputs:
TestTerraformConfluentPlatformExample 2022-07-30T19:36:30Z logger.go:66:
TestTerraformConfluentPlatformExample 2022-07-30T19:36:30Z logger.go:66: connect = {
TestTerraformConfluentPlatformExample 2022-07-30T19:36:30Z logger.go:66:   "apiVersion" = "platform.confluent.io/v1beta1"
TestTerraformConfluentPlatformExample 2022-07-30T19:36:30Z logger.go:66:   "kind" = "Connect"
TestTerraformConfluentPlatformExample 2022-07-30T19:36:30Z logger.go:66:   "metadata" = {
TestTerraformConfluentPlatformExample 2022-07-30T19:36:30Z logger.go:66:     "name" = "connect"
TestTerraformConfluentPlatformExample 2022-07-30T19:36:30Z logger.go:66:     "namespace" = "confluent"
TestTerraformConfluentPlatformExample 2022-07-30T19:36:30Z logger.go:66:   }
TestTerraformConfluentPlatformExample 2022-07-30T19:36:30Z logger.go:66:   "spec" = {
TestTerraformConfluentPlatformExample 2022-07-30T19:36:30Z logger.go:66:     "dependencies" = {
TestTerraformConfluentPlatformExample 2022-07-30T19:36:30Z logger.go:66:       "kafka" = {
TestTerraformConfluentPlatformExample 2022-07-30T19:36:30Z logger.go:66:         "bootstrapEndpoint" = "kafka:9071"
TestTerraformConfluentPlatformExample 2022-07-30T19:36:30Z logger.go:66:       }
TestTerraformConfluentPlatformExample 2022-07-30T19:36:30Z logger.go:66:     }
TestTerraformConfluentPlatformExample 2022-07-30T19:36:30Z logger.go:66:     "image" = {
TestTerraformConfluentPlatformExample 2022-07-30T19:36:30Z logger.go:66:       "application" = "confluentinc/cp-server-connect:7.2.0"
TestTerraformConfluentPlatformExample 2022-07-30T19:36:30Z logger.go:66:       "init" = "confluentinc/confluent-init-container:2.4.0"
TestTerraformConfluentPlatformExample 2022-07-30T19:36:30Z logger.go:66:     }
TestTerraformConfluentPlatformExample 2022-07-30T19:36:30Z logger.go:66:     "replicas" = 1
TestTerraformConfluentPlatformExample 2022-07-30T19:36:30Z logger.go:66:   }
TestTerraformConfluentPlatformExample 2022-07-30T19:36:30Z logger.go:66: }
TestTerraformConfluentPlatformExample 2022-07-30T19:36:30Z logger.go:66: controlcenter = {
TestTerraformConfluentPlatformExample 2022-07-30T19:36:30Z logger.go:66:   "apiVersion" = "platform.confluent.io/v1beta1"
TestTerraformConfluentPlatformExample 2022-07-30T19:36:30Z logger.go:66:   "kind" = "ControlCenter"
TestTerraformConfluentPlatformExample 2022-07-30T19:36:30Z logger.go:66:   "metadata" = {
TestTerraformConfluentPlatformExample 2022-07-30T19:36:30Z logger.go:66:     "name" = "controlcenter"
TestTerraformConfluentPlatformExample 2022-07-30T19:36:30Z logger.go:66:     "namespace" = "confluent"
TestTerraformConfluentPlatformExample 2022-07-30T19:36:30Z logger.go:66:   }
TestTerraformConfluentPlatformExample 2022-07-30T19:36:30Z logger.go:66:   "spec" = {
TestTerraformConfluentPlatformExample 2022-07-30T19:36:30Z logger.go:66:     "dataVolumeCapacity" = "10Gi"
TestTerraformConfluentPlatformExample 2022-07-30T19:36:30Z logger.go:66:     "dependencies" = {
TestTerraformConfluentPlatformExample 2022-07-30T19:36:30Z logger.go:66:       "connect" = [
TestTerraformConfluentPlatformExample 2022-07-30T19:36:30Z logger.go:66:         {
TestTerraformConfluentPlatformExample 2022-07-30T19:36:30Z logger.go:66:           "name" = "connect"
TestTerraformConfluentPlatformExample 2022-07-30T19:36:30Z logger.go:66:           "url" = "http://connect.confluent.svc.cluster.local:8083"
TestTerraformConfluentPlatformExample 2022-07-30T19:36:30Z logger.go:66:         },
TestTerraformConfluentPlatformExample 2022-07-30T19:36:30Z logger.go:66:       ]
TestTerraformConfluentPlatformExample 2022-07-30T19:36:30Z logger.go:66:       "ksqldb" = [
TestTerraformConfluentPlatformExample 2022-07-30T19:36:30Z logger.go:66:         {
TestTerraformConfluentPlatformExample 2022-07-30T19:36:30Z logger.go:66:           "name" = "ksqldb"
TestTerraformConfluentPlatformExample 2022-07-30T19:36:30Z logger.go:66:           "url" = "http://ksqldb.confluent.svc.cluster.local:8088"
TestTerraformConfluentPlatformExample 2022-07-30T19:36:30Z logger.go:66:         },
TestTerraformConfluentPlatformExample 2022-07-30T19:36:30Z logger.go:66:       ]
TestTerraformConfluentPlatformExample 2022-07-30T19:36:30Z logger.go:66:       "schemaRegistry" = {
TestTerraformConfluentPlatformExample 2022-07-30T19:36:30Z logger.go:66:         "url" = "http://schemaregistry.confluent.svc.cluster.local:8081"
TestTerraformConfluentPlatformExample 2022-07-30T19:36:30Z logger.go:66:       }
TestTerraformConfluentPlatformExample 2022-07-30T19:36:30Z logger.go:66:     }
TestTerraformConfluentPlatformExample 2022-07-30T19:36:30Z logger.go:66:     "image" = {
TestTerraformConfluentPlatformExample 2022-07-30T19:36:30Z logger.go:66:       "application" = "confluentinc/cp-enterprise-control-center:7.2.0"
TestTerraformConfluentPlatformExample 2022-07-30T19:36:30Z logger.go:66:       "init" = "confluentinc/confluent-init-container:2.4.0"
TestTerraformConfluentPlatformExample 2022-07-30T19:36:30Z logger.go:66:     }
TestTerraformConfluentPlatformExample 2022-07-30T19:36:30Z logger.go:66:     "replicas" = 1
TestTerraformConfluentPlatformExample 2022-07-30T19:36:30Z logger.go:66:   }
TestTerraformConfluentPlatformExample 2022-07-30T19:36:30Z logger.go:66: }
TestTerraformConfluentPlatformExample 2022-07-30T19:36:30Z logger.go:66: kafka = {
TestTerraformConfluentPlatformExample 2022-07-30T19:36:30Z logger.go:66:   "apiVersion" = "platform.confluent.io/v1beta1"
TestTerraformConfluentPlatformExample 2022-07-30T19:36:30Z logger.go:66:   "kind" = "Kafka"
TestTerraformConfluentPlatformExample 2022-07-30T19:36:30Z logger.go:66:   "metadata" = {
TestTerraformConfluentPlatformExample 2022-07-30T19:36:30Z logger.go:66:     "name" = "kafka"
TestTerraformConfluentPlatformExample 2022-07-30T19:36:30Z logger.go:66:     "namespace" = "confluent"
TestTerraformConfluentPlatformExample 2022-07-30T19:36:30Z logger.go:66:   }
TestTerraformConfluentPlatformExample 2022-07-30T19:36:30Z logger.go:66:   "spec" = {
TestTerraformConfluentPlatformExample 2022-07-30T19:36:30Z logger.go:66:     "dataVolumeCapacity" = "10Gi"
TestTerraformConfluentPlatformExample 2022-07-30T19:36:30Z logger.go:66:     "image" = {
TestTerraformConfluentPlatformExample 2022-07-30T19:36:30Z logger.go:66:       "application" = "confluentinc/cp-server:7.2.0"
TestTerraformConfluentPlatformExample 2022-07-30T19:36:30Z logger.go:66:       "init" = "confluentinc/confluent-init-container:2.4.0"
TestTerraformConfluentPlatformExample 2022-07-30T19:36:30Z logger.go:66:     }
TestTerraformConfluentPlatformExample 2022-07-30T19:36:30Z logger.go:66:     "metricReporter" = {
TestTerraformConfluentPlatformExample 2022-07-30T19:36:30Z logger.go:66:       "enabled" = true
TestTerraformConfluentPlatformExample 2022-07-30T19:36:30Z logger.go:66:     }
TestTerraformConfluentPlatformExample 2022-07-30T19:36:30Z logger.go:66:     "replicas" = 3
TestTerraformConfluentPlatformExample 2022-07-30T19:36:30Z logger.go:66:   }
TestTerraformConfluentPlatformExample 2022-07-30T19:36:30Z logger.go:66: }
TestTerraformConfluentPlatformExample 2022-07-30T19:36:30Z logger.go:66: kafkarestproxy = {
TestTerraformConfluentPlatformExample 2022-07-30T19:36:30Z logger.go:66:   "apiVersion" = "platform.confluent.io/v1beta1"
TestTerraformConfluentPlatformExample 2022-07-30T19:36:30Z logger.go:66:   "kind" = "KafkaRestProxy"
TestTerraformConfluentPlatformExample 2022-07-30T19:36:30Z logger.go:66:   "metadata" = {
TestTerraformConfluentPlatformExample 2022-07-30T19:36:30Z logger.go:66:     "name" = "kafkarestproxy"
TestTerraformConfluentPlatformExample 2022-07-30T19:36:30Z logger.go:66:     "namespace" = "confluent"
TestTerraformConfluentPlatformExample 2022-07-30T19:36:30Z logger.go:66:   }
TestTerraformConfluentPlatformExample 2022-07-30T19:36:30Z logger.go:66:   "spec" = {
TestTerraformConfluentPlatformExample 2022-07-30T19:36:30Z logger.go:66:     "dependencies" = {
TestTerraformConfluentPlatformExample 2022-07-30T19:36:30Z logger.go:66:       "schemaRegistry" = {
TestTerraformConfluentPlatformExample 2022-07-30T19:36:30Z logger.go:66:         "url" = "http://schemaregistry.confluent.svc.cluster.local:8081"
TestTerraformConfluentPlatformExample 2022-07-30T19:36:30Z logger.go:66:       }
TestTerraformConfluentPlatformExample 2022-07-30T19:36:30Z logger.go:66:     }
TestTerraformConfluentPlatformExample 2022-07-30T19:36:30Z logger.go:66:     "image" = {
TestTerraformConfluentPlatformExample 2022-07-30T19:36:30Z logger.go:66:       "application" = "confluentinc/cp-kafka-rest:7.2.0"
TestTerraformConfluentPlatformExample 2022-07-30T19:36:30Z logger.go:66:       "init" = "confluentinc/confluent-init-container:2.4.0"
TestTerraformConfluentPlatformExample 2022-07-30T19:36:30Z logger.go:66:     }
TestTerraformConfluentPlatformExample 2022-07-30T19:36:30Z logger.go:66:     "replicas" = 1
TestTerraformConfluentPlatformExample 2022-07-30T19:36:30Z logger.go:66:   }
TestTerraformConfluentPlatformExample 2022-07-30T19:36:30Z logger.go:66: }
TestTerraformConfluentPlatformExample 2022-07-30T19:36:30Z logger.go:66: ksqldb = {
TestTerraformConfluentPlatformExample 2022-07-30T19:36:30Z logger.go:66:   "apiVersion" = "platform.confluent.io/v1beta1"
TestTerraformConfluentPlatformExample 2022-07-30T19:36:30Z logger.go:66:   "kind" = "KsqlDB"
TestTerraformConfluentPlatformExample 2022-07-30T19:36:30Z logger.go:66:   "metadata" = {
TestTerraformConfluentPlatformExample 2022-07-30T19:36:30Z logger.go:66:     "name" = "ksqldb"
TestTerraformConfluentPlatformExample 2022-07-30T19:36:30Z logger.go:66:     "namespace" = "confluent"
TestTerraformConfluentPlatformExample 2022-07-30T19:36:30Z logger.go:66:   }
TestTerraformConfluentPlatformExample 2022-07-30T19:36:30Z logger.go:66:   "spec" = {
TestTerraformConfluentPlatformExample 2022-07-30T19:36:30Z logger.go:66:     "dataVolumeCapacity" = "10Gi"
TestTerraformConfluentPlatformExample 2022-07-30T19:36:30Z logger.go:66:     "image" = {
TestTerraformConfluentPlatformExample 2022-07-30T19:36:30Z logger.go:66:       "application" = "confluentinc/cp-ksqldb-server:7.2.0"
TestTerraformConfluentPlatformExample 2022-07-30T19:36:30Z logger.go:66:       "init" = "confluentinc/confluent-init-container:2.4.0"
TestTerraformConfluentPlatformExample 2022-07-30T19:36:30Z logger.go:66:     }
TestTerraformConfluentPlatformExample 2022-07-30T19:36:30Z logger.go:66:     "replicas" = 1
TestTerraformConfluentPlatformExample 2022-07-30T19:36:30Z logger.go:66:   }
TestTerraformConfluentPlatformExample 2022-07-30T19:36:30Z logger.go:66: }
TestTerraformConfluentPlatformExample 2022-07-30T19:36:30Z logger.go:66: namespace = "confluent"
TestTerraformConfluentPlatformExample 2022-07-30T19:36:30Z logger.go:66: schemaregistry = {
TestTerraformConfluentPlatformExample 2022-07-30T19:36:30Z logger.go:66:   "apiVersion" = "platform.confluent.io/v1beta1"
TestTerraformConfluentPlatformExample 2022-07-30T19:36:30Z logger.go:66:   "kind" = "SchemaRegistry"
TestTerraformConfluentPlatformExample 2022-07-30T19:36:30Z logger.go:66:   "metadata" = {
TestTerraformConfluentPlatformExample 2022-07-30T19:36:30Z logger.go:66:     "name" = "schemaregistry"
TestTerraformConfluentPlatformExample 2022-07-30T19:36:30Z logger.go:66:     "namespace" = "confluent"
TestTerraformConfluentPlatformExample 2022-07-30T19:36:30Z logger.go:66:   }
TestTerraformConfluentPlatformExample 2022-07-30T19:36:30Z logger.go:66:   "spec" = {
TestTerraformConfluentPlatformExample 2022-07-30T19:36:30Z logger.go:66:     "image" = {
TestTerraformConfluentPlatformExample 2022-07-30T19:36:30Z logger.go:66:       "application" = "confluentinc/cp-schema-registry:7.2.0"
TestTerraformConfluentPlatformExample 2022-07-30T19:36:30Z logger.go:66:       "init" = "confluentinc/confluent-init-container:2.4.0"
TestTerraformConfluentPlatformExample 2022-07-30T19:36:30Z logger.go:66:     }
TestTerraformConfluentPlatformExample 2022-07-30T19:36:30Z logger.go:66:     "replicas" = 3
TestTerraformConfluentPlatformExample 2022-07-30T19:36:30Z logger.go:66:   }
TestTerraformConfluentPlatformExample 2022-07-30T19:36:30Z logger.go:66: }
TestTerraformConfluentPlatformExample 2022-07-30T19:36:30Z logger.go:66: zookeeper = {
TestTerraformConfluentPlatformExample 2022-07-30T19:36:30Z logger.go:66:   "apiVersion" = "platform.confluent.io/v1beta1"
TestTerraformConfluentPlatformExample 2022-07-30T19:36:30Z logger.go:66:   "kind" = "Zookeeper"
TestTerraformConfluentPlatformExample 2022-07-30T19:36:30Z logger.go:66:   "metadata" = {
TestTerraformConfluentPlatformExample 2022-07-30T19:36:30Z logger.go:66:     "name" = "zookeeper"
TestTerraformConfluentPlatformExample 2022-07-30T19:36:30Z logger.go:66:     "namespace" = "confluent"
TestTerraformConfluentPlatformExample 2022-07-30T19:36:30Z logger.go:66:   }
TestTerraformConfluentPlatformExample 2022-07-30T19:36:30Z logger.go:66:   "spec" = {
TestTerraformConfluentPlatformExample 2022-07-30T19:36:30Z logger.go:66:     "dataVolumeCapacity" = "10Gi"
TestTerraformConfluentPlatformExample 2022-07-30T19:36:30Z logger.go:66:     "image" = {
TestTerraformConfluentPlatformExample 2022-07-30T19:36:30Z logger.go:66:       "application" = "confluentinc/cp-zookeeper:7.2.0"
TestTerraformConfluentPlatformExample 2022-07-30T19:36:30Z logger.go:66:       "init" = "confluentinc/confluent-init-container:2.4.0"
TestTerraformConfluentPlatformExample 2022-07-30T19:36:30Z logger.go:66:     }
TestTerraformConfluentPlatformExample 2022-07-30T19:36:30Z logger.go:66:     "logVolumeCapacity" = "10Gi"
TestTerraformConfluentPlatformExample 2022-07-30T19:36:30Z logger.go:66:     "replicas" = 3
TestTerraformConfluentPlatformExample 2022-07-30T19:36:30Z logger.go:66:   }
TestTerraformConfluentPlatformExample 2022-07-30T19:36:30Z logger.go:66: }
TestTerraformConfluentPlatformExample 2022-07-30T19:36:30Z logger.go:66: Running terraform with args [plan -input=false -detailed-exitcode -no-color -lock=false]
TestTerraformConfluentPlatformExample 2022-07-30T19:36:30Z logger.go:66: Running command terraform with args [plan -input=false -detailed-exitcode -no-color -lock=false]
TestTerraformConfluentPlatformExample 2022-07-30T19:36:41Z logger.go:66: module.confluent_platform.kubernetes_manifest.component["kafkarestproxy"]: Refreshing state...
TestTerraformConfluentPlatformExample 2022-07-30T19:36:41Z logger.go:66: module.confluent_platform.kubernetes_manifest.component["ksqldb"]: Refreshing state...
TestTerraformConfluentPlatformExample 2022-07-30T19:36:41Z logger.go:66: module.confluent_platform.kubernetes_manifest.component["schemaregistry"]: Refreshing state...
TestTerraformConfluentPlatformExample 2022-07-30T19:36:42Z logger.go:66: module.confluent_platform.kubernetes_manifest.component["zookeeper"]: Refreshing state...
TestTerraformConfluentPlatformExample 2022-07-30T19:36:42Z logger.go:66: module.confluent_platform.kubernetes_manifest.component["controlcenter"]: Refreshing state...
TestTerraformConfluentPlatformExample 2022-07-30T19:36:42Z logger.go:66: module.confluent_platform.kubernetes_manifest.component["connect"]: Refreshing state...
TestTerraformConfluentPlatformExample 2022-07-30T19:36:43Z logger.go:66: module.confluent_platform.kubernetes_manifest.component["kafka"]: Refreshing state...
TestTerraformConfluentPlatformExample 2022-07-30T19:36:51Z logger.go:66:
TestTerraformConfluentPlatformExample 2022-07-30T19:36:51Z logger.go:66: No changes. Your infrastructure matches the configuration.
TestTerraformConfluentPlatformExample 2022-07-30T19:36:51Z logger.go:66:
TestTerraformConfluentPlatformExample 2022-07-30T19:36:51Z logger.go:66: Terraform has compared your real infrastructure against your configuration
TestTerraformConfluentPlatformExample 2022-07-30T19:36:51Z logger.go:66: and found no differences, so no changes are needed.
TestTerraformConfluentPlatformExample 2022-07-30T19:36:51Z retry.go:91: terraform [destroy -auto-approve -input=false -no-color -lock=false]
TestTerraformConfluentPlatformExample 2022-07-30T19:36:51Z logger.go:66: Running command terraform with args [destroy -auto-approve -input=false -no-color -lock=false]
TestTerraformConfluentPlatformExample 2022-07-30T19:36:59Z logger.go:66: module.confluent_platform.kubernetes_manifest.component["zookeeper"]: Refreshing state...
TestTerraformConfluentPlatformExample 2022-07-30T19:36:59Z logger.go:66: module.confluent_platform.kubernetes_manifest.component["ksqldb"]: Refreshing state...
TestTerraformConfluentPlatformExample 2022-07-30T19:36:59Z logger.go:66: module.confluent_platform.kubernetes_manifest.component["schemaregistry"]: Refreshing state...
TestTerraformConfluentPlatformExample 2022-07-30T19:37:00Z logger.go:66: module.confluent_platform.kubernetes_manifest.component["connect"]: Refreshing state...
TestTerraformConfluentPlatformExample 2022-07-30T19:37:00Z logger.go:66: module.confluent_platform.kubernetes_manifest.component["controlcenter"]: Refreshing state...
TestTerraformConfluentPlatformExample 2022-07-30T19:37:00Z logger.go:66: module.confluent_platform.kubernetes_manifest.component["kafkarestproxy"]: Refreshing state...
TestTerraformConfluentPlatformExample 2022-07-30T19:37:01Z logger.go:66: module.confluent_platform.kubernetes_manifest.component["kafka"]: Refreshing state...
TestTerraformConfluentPlatformExample 2022-07-30T19:37:11Z logger.go:66:
TestTerraformConfluentPlatformExample 2022-07-30T19:37:11Z logger.go:66: Terraform used the selected providers to generate the following execution
TestTerraformConfluentPlatformExample 2022-07-30T19:37:11Z logger.go:66: plan. Resource actions are indicated with the following symbols:
TestTerraformConfluentPlatformExample 2022-07-30T19:37:11Z logger.go:66:   - destroy
TestTerraformConfluentPlatformExample 2022-07-30T19:37:11Z logger.go:66:
TestTerraformConfluentPlatformExample 2022-07-30T19:37:11Z logger.go:66: Terraform will perform the following actions:
TestTerraformConfluentPlatformExample 2022-07-30T19:37:11Z logger.go:66:
TestTerraformConfluentPlatformExample 2022-07-30T19:37:11Z logger.go:66:   # module.confluent_platform.kubernetes_manifest.component["connect"] will be destroyed
TestTerraformConfluentPlatformExample 2022-07-30T19:37:11Z logger.go:66:   - resource "kubernetes_manifest" "component" {
TestTerraformConfluentPlatformExample 2022-07-30T19:37:11Z logger.go:66:       - computed_fields = [
TestTerraformConfluentPlatformExample 2022-07-30T19:37:11Z logger.go:66:           - "metadata.finalizers",
TestTerraformConfluentPlatformExample 2022-07-30T19:37:11Z logger.go:66:         ] -> null
TestTerraformConfluentPlatformExample 2022-07-30T19:37:11Z logger.go:66:       - manifest        = {
TestTerraformConfluentPlatformExample 2022-07-30T19:37:11Z logger.go:66:           - apiVersion = "platform.confluent.io/v1beta1"
TestTerraformConfluentPlatformExample 2022-07-30T19:37:11Z logger.go:66:           - kind       = "Connect"
TestTerraformConfluentPlatformExample 2022-07-30T19:37:11Z logger.go:66:           - metadata   = {
TestTerraformConfluentPlatformExample 2022-07-30T19:37:11Z logger.go:66:               - name      = "connect"
TestTerraformConfluentPlatformExample 2022-07-30T19:37:11Z logger.go:66:               - namespace = "confluent"
TestTerraformConfluentPlatformExample 2022-07-30T19:37:11Z logger.go:66:             }
TestTerraformConfluentPlatformExample 2022-07-30T19:37:11Z logger.go:66:           - spec       = {
TestTerraformConfluentPlatformExample 2022-07-30T19:37:11Z logger.go:66:               - dependencies = {
TestTerraformConfluentPlatformExample 2022-07-30T19:37:11Z logger.go:66:                   - kafka = {
TestTerraformConfluentPlatformExample 2022-07-30T19:37:11Z logger.go:66:                       - bootstrapEndpoint = "kafka:9071"
TestTerraformConfluentPlatformExample 2022-07-30T19:37:11Z logger.go:66:                     }
TestTerraformConfluentPlatformExample 2022-07-30T19:37:11Z logger.go:66:                 }
TestTerraformConfluentPlatformExample 2022-07-30T19:37:11Z logger.go:66:               - image        = {
TestTerraformConfluentPlatformExample 2022-07-30T19:37:11Z logger.go:66:                   - application = "confluentinc/cp-server-connect:7.2.0"
TestTerraformConfluentPlatformExample 2022-07-30T19:37:11Z logger.go:66:                   - init        = "confluentinc/confluent-init-container:2.4.0"
TestTerraformConfluentPlatformExample 2022-07-30T19:37:11Z logger.go:66:                 }
TestTerraformConfluentPlatformExample 2022-07-30T19:37:11Z logger.go:66:               - replicas     = 1
TestTerraformConfluentPlatformExample 2022-07-30T19:37:11Z logger.go:66:             }
TestTerraformConfluentPlatformExample 2022-07-30T19:37:11Z logger.go:66:         } -> null
TestTerraformConfluentPlatformExample 2022-07-30T19:37:11Z logger.go:66:       - object          = {
TestTerraformConfluentPlatformExample 2022-07-30T19:37:11Z logger.go:66:           - apiVersion = "platform.confluent.io/v1beta1"
TestTerraformConfluentPlatformExample 2022-07-30T19:37:11Z logger.go:66:           - kind       = "Connect"
TestTerraformConfluentPlatformExample 2022-07-30T19:37:11Z logger.go:66:           - metadata   = {
TestTerraformConfluentPlatformExample 2022-07-30T19:37:11Z logger.go:66:               - annotations                = null
TestTerraformConfluentPlatformExample 2022-07-30T19:37:11Z logger.go:66:               - clusterName                = null
TestTerraformConfluentPlatformExample 2022-07-30T19:37:11Z logger.go:66:               - creationTimestamp          = null
TestTerraformConfluentPlatformExample 2022-07-30T19:37:11Z logger.go:66:               - deletionGracePeriodSeconds = null
TestTerraformConfluentPlatformExample 2022-07-30T19:37:11Z logger.go:66:               - deletionTimestamp          = null
TestTerraformConfluentPlatformExample 2022-07-30T19:37:11Z logger.go:66:               - finalizers                 = [
TestTerraformConfluentPlatformExample 2022-07-30T19:37:11Z logger.go:66:                   - "connect.finalizers.platform.confluent.io",
TestTerraformConfluentPlatformExample 2022-07-30T19:37:11Z logger.go:66:                 ]
TestTerraformConfluentPlatformExample 2022-07-30T19:37:11Z logger.go:66:               - generateName               = null
TestTerraformConfluentPlatformExample 2022-07-30T19:37:11Z logger.go:66:               - generation                 = null
TestTerraformConfluentPlatformExample 2022-07-30T19:37:11Z logger.go:66:               - labels                     = null
TestTerraformConfluentPlatformExample 2022-07-30T19:37:11Z logger.go:66:               - managedFields              = null
TestTerraformConfluentPlatformExample 2022-07-30T19:37:11Z logger.go:66:               - name                       = "connect"
TestTerraformConfluentPlatformExample 2022-07-30T19:37:11Z logger.go:66:               - namespace                  = "confluent"
TestTerraformConfluentPlatformExample 2022-07-30T19:37:11Z logger.go:66:               - ownerReferences            = null
TestTerraformConfluentPlatformExample 2022-07-30T19:37:11Z logger.go:66:               - resourceVersion            = null
TestTerraformConfluentPlatformExample 2022-07-30T19:37:11Z logger.go:66:               - selfLink                   = null
TestTerraformConfluentPlatformExample 2022-07-30T19:37:11Z logger.go:66:               - uid                        = null
TestTerraformConfluentPlatformExample 2022-07-30T19:37:11Z logger.go:66:             }
TestTerraformConfluentPlatformExample 2022-07-30T19:37:11Z logger.go:66:           - spec       = {
TestTerraformConfluentPlatformExample 2022-07-30T19:37:11Z logger.go:66:               - authentication                 = {
TestTerraformConfluentPlatformExample 2022-07-30T19:37:11Z logger.go:66:                   - basic = {
TestTerraformConfluentPlatformExample 2022-07-30T19:37:11Z logger.go:66:                       - debug                    = null
TestTerraformConfluentPlatformExample 2022-07-30T19:37:11Z logger.go:66:                       - directoryPathInContainer = null
TestTerraformConfluentPlatformExample 2022-07-30T19:37:11Z logger.go:66:                       - restrictedRoles          = null
TestTerraformConfluentPlatformExample 2022-07-30T19:37:11Z logger.go:66:                       - roles                    = null
TestTerraformConfluentPlatformExample 2022-07-30T19:37:11Z logger.go:66:                       - secretRef                = null
TestTerraformConfluentPlatformExample 2022-07-30T19:37:11Z logger.go:66:                     }
TestTerraformConfluentPlatformExample 2022-07-30T19:37:11Z logger.go:66:                   - type  = null
TestTerraformConfluentPlatformExample 2022-07-30T19:37:11Z logger.go:66:                 }
TestTerraformConfluentPlatformExample 2022-07-30T19:37:11Z logger.go:66:               - authorization                  = {
TestTerraformConfluentPlatformExample 2022-07-30T19:37:11Z logger.go:66:                   - kafkaRestClassRef = {
TestTerraformConfluentPlatformExample 2022-07-30T19:37:11Z logger.go:66:                       - name      = null
TestTerraformConfluentPlatformExample 2022-07-30T19:37:11Z logger.go:66:                       - namespace = null
TestTerraformConfluentPlatformExample 2022-07-30T19:37:11Z logger.go:66:                     }
TestTerraformConfluentPlatformExample 2022-07-30T19:37:11Z logger.go:66:                   - type              = null
TestTerraformConfluentPlatformExample 2022-07-30T19:37:11Z logger.go:66:                 }
TestTerraformConfluentPlatformExample 2022-07-30T19:37:11Z logger.go:66:               - build                          = {
TestTerraformConfluentPlatformExample 2022-07-30T19:37:11Z logger.go:66:                   - onDemand = {
TestTerraformConfluentPlatformExample 2022-07-30T19:37:11Z logger.go:66:                       - plugins      = {
TestTerraformConfluentPlatformExample 2022-07-30T19:37:11Z logger.go:66:                           - confluentHub = null
TestTerraformConfluentPlatformExample 2022-07-30T19:37:11Z logger.go:66:                           - locationType = null
TestTerraformConfluentPlatformExample 2022-07-30T19:37:11Z logger.go:66:                           - url          = null
TestTerraformConfluentPlatformExample 2022-07-30T19:37:11Z logger.go:66:                         }
TestTerraformConfluentPlatformExample 2022-07-30T19:37:11Z logger.go:66:                       - storageLimit = null
TestTerraformConfluentPlatformExample 2022-07-30T19:37:11Z logger.go:66:                     }
TestTerraformConfluentPlatformExample 2022-07-30T19:37:11Z logger.go:66:                   - type     = null
TestTerraformConfluentPlatformExample 2022-07-30T19:37:11Z logger.go:66:                 }
TestTerraformConfluentPlatformExample 2022-07-30T19:37:11Z logger.go:66:               - configOverrides                = {
TestTerraformConfluentPlatformExample 2022-07-30T19:37:11Z logger.go:66:                   - jvm    = null
TestTerraformConfluentPlatformExample 2022-07-30T19:37:11Z logger.go:66:                   - log4j  = null
TestTerraformConfluentPlatformExample 2022-07-30T19:37:11Z logger.go:66:                   - server = null
TestTerraformConfluentPlatformExample 2022-07-30T19:37:11Z logger.go:66:                 }
TestTerraformConfluentPlatformExample 2022-07-30T19:37:11Z logger.go:66:               - connectorOverridePolicy        = null
TestTerraformConfluentPlatformExample 2022-07-30T19:37:11Z logger.go:66:               - connectorTLSCerts              = null
TestTerraformConfluentPlatformExample 2022-07-30T19:37:11Z logger.go:66:               - dependencies                   = {
TestTerraformConfluentPlatformExample 2022-07-30T19:37:11Z logger.go:66:                   - admin          = {
TestTerraformConfluentPlatformExample 2022-07-30T19:37:11Z logger.go:66:                       - authentication    = {
TestTerraformConfluentPlatformExample 2022-07-30T19:37:11Z logger.go:66:                           - jaasConfig            = {
TestTerraformConfluentPlatformExample 2022-07-30T19:37:11Z logger.go:66:                               - secretRef = null
TestTerraformConfluentPlatformExample 2022-07-30T19:37:11Z logger.go:66:                             }
TestTerraformConfluentPlatformExample 2022-07-30T19:37:11Z logger.go:66:                           - jaasConfigPassThrough = {
TestTerraformConfluentPlatformExample 2022-07-30T19:37:11Z logger.go:66:                               - directoryPathInContainer = null
TestTerraformConfluentPlatformExample 2022-07-30T19:37:11Z logger.go:66:                               - secretRef                = null
TestTerraformConfluentPlatformExample 2022-07-30T19:37:11Z logger.go:66:                             }
TestTerraformConfluentPlatformExample 2022-07-30T19:37:11Z logger.go:66:                           - oauthbearer           = {
TestTerraformConfluentPlatformExample 2022-07-30T19:37:11Z logger.go:66:                               - directoryPathInContainer = null
TestTerraformConfluentPlatformExample 2022-07-30T19:37:11Z logger.go:66:                               - secretRef                = null
TestTerraformConfluentPlatformExample 2022-07-30T19:37:11Z logger.go:66:                             }
TestTerraformConfluentPlatformExample 2022-07-30T19:37:11Z logger.go:66:                           - type                  = null
TestTerraformConfluentPlatformExample 2022-07-30T19:37:11Z logger.go:66:                         }
TestTerraformConfluentPlatformExample 2022-07-30T19:37:11Z logger.go:66:                       - bootstrapEndpoint = null
TestTerraformConfluentPlatformExample 2022-07-30T19:37:11Z logger.go:66:                       - discovery         = {
TestTerraformConfluentPlatformExample 2022-07-30T19:37:11Z logger.go:66:                           - name      = null
TestTerraformConfluentPlatformExample 2022-07-30T19:37:11Z logger.go:66:                           - namespace = null
TestTerraformConfluentPlatformExample 2022-07-30T19:37:11Z logger.go:66:                           - secretRef = null
TestTerraformConfluentPlatformExample 2022-07-30T19:37:11Z logger.go:66:                         }
TestTerraformConfluentPlatformExample 2022-07-30T19:37:11Z logger.go:66:                       - tls               = {
TestTerraformConfluentPlatformExample 2022-07-30T19:37:11Z logger.go:66:                           - directoryPathInContainer = null
TestTerraformConfluentPlatformExample 2022-07-30T19:37:11Z logger.go:66:                           - enabled                  = null
TestTerraformConfluentPlatformExample 2022-07-30T19:37:11Z logger.go:66:                           - ignoreTrustStoreConfig   = null
TestTerraformConfluentPlatformExample 2022-07-30T19:37:11Z logger.go:66:                           - jksPassword              = {
TestTerraformConfluentPlatformExample 2022-07-30T19:37:11Z logger.go:66:                               - secretRef = null
TestTerraformConfluentPlatformExample 2022-07-30T19:37:11Z logger.go:66:                             }
TestTerraformConfluentPlatformExample 2022-07-30T19:37:11Z logger.go:66:                           - secretRef                = null
TestTerraformConfluentPlatformExample 2022-07-30T19:37:11Z logger.go:66:                         }
TestTerraformConfluentPlatformExample 2022-07-30T19:37:11Z logger.go:66:                     }
TestTerraformConfluentPlatformExample 2022-07-30T19:37:11Z logger.go:66:                   - consumer       = {
TestTerraformConfluentPlatformExample 2022-07-30T19:37:11Z logger.go:66:                       - authentication    = {
TestTerraformConfluentPlatformExample 2022-07-30T19:37:11Z logger.go:66:                           - jaasConfig            = {
TestTerraformConfluentPlatformExample 2022-07-30T19:37:11Z logger.go:66:                               - secretRef = null
TestTerraformConfluentPlatformExample 2022-07-30T19:37:11Z logger.go:66:                             }
TestTerraformConfluentPlatformExample 2022-07-30T19:37:11Z logger.go:66:                           - jaasConfigPassThrough = {
TestTerraformConfluentPlatformExample 2022-07-30T19:37:11Z logger.go:66:                               - directoryPathInContainer = null
TestTerraformConfluentPlatformExample 2022-07-30T19:37:11Z logger.go:66:                               - secretRef                = null
TestTerraformConfluentPlatformExample 2022-07-30T19:37:11Z logger.go:66:                             }
TestTerraformConfluentPlatformExample 2022-07-30T19:37:11Z logger.go:66:                           - oauthbearer           = {
TestTerraformConfluentPlatformExample 2022-07-30T19:37:11Z logger.go:66:                               - directoryPathInContainer = null
TestTerraformConfluentPlatformExample 2022-07-30T19:37:11Z logger.go:66:                               - secretRef                = null
TestTerraformConfluentPlatformExample 2022-07-30T19:37:11Z logger.go:66:                             }
TestTerraformConfluentPlatformExample 2022-07-30T19:37:11Z logger.go:66:                           - type                  = null
TestTerraformConfluentPlatformExample 2022-07-30T19:37:11Z logger.go:66:                         }
TestTerraformConfluentPlatformExample 2022-07-30T19:37:11Z logger.go:66:                       - bootstrapEndpoint = null
TestTerraformConfluentPlatformExample 2022-07-30T19:37:11Z logger.go:66:                       - discovery         = {
TestTerraformConfluentPlatformExample 2022-07-30T19:37:11Z logger.go:66:                           - name      = null
TestTerraformConfluentPlatformExample 2022-07-30T19:37:11Z logger.go:66:                           - namespace = null
TestTerraformConfluentPlatformExample 2022-07-30T19:37:11Z logger.go:66:                           - secretRef = null
TestTerraformConfluentPlatformExample 2022-07-30T19:37:11Z logger.go:66:                         }
TestTerraformConfluentPlatformExample 2022-07-30T19:37:11Z logger.go:66:                       - tls               = {
TestTerraformConfluentPlatformExample 2022-07-30T19:37:11Z logger.go:66:                           - directoryPathInContainer = null
TestTerraformConfluentPlatformExample 2022-07-30T19:37:11Z logger.go:66:                           - enabled                  = null
TestTerraformConfluentPlatformExample 2022-07-30T19:37:11Z logger.go:66:                           - ignoreTrustStoreConfig   = null
TestTerraformConfluentPlatformExample 2022-07-30T19:37:11Z logger.go:66:                           - jksPassword              = {
TestTerraformConfluentPlatformExample 2022-07-30T19:37:11Z logger.go:66:                               - secretRef = null
TestTerraformConfluentPlatformExample 2022-07-30T19:37:11Z logger.go:66:                             }
TestTerraformConfluentPlatformExample 2022-07-30T19:37:11Z logger.go:66:                           - secretRef                = null
TestTerraformConfluentPlatformExample 2022-07-30T19:37:11Z logger.go:66:                         }
TestTerraformConfluentPlatformExample 2022-07-30T19:37:11Z logger.go:66:                     }
TestTerraformConfluentPlatformExample 2022-07-30T19:37:11Z logger.go:66:                   - interceptor    = {
TestTerraformConfluentPlatformExample 2022-07-30T19:37:11Z logger.go:66:                       - configs   = null
TestTerraformConfluentPlatformExample 2022-07-30T19:37:11Z logger.go:66:                       - consumer  = {
TestTerraformConfluentPlatformExample 2022-07-30T19:37:11Z logger.go:66:                           - authentication    = {
TestTerraformConfluentPlatformExample 2022-07-30T19:37:11Z logger.go:66:                               - jaasConfig            = {
TestTerraformConfluentPlatformExample 2022-07-30T19:37:11Z logger.go:66:                                   - secretRef = null
TestTerraformConfluentPlatformExample 2022-07-30T19:37:11Z logger.go:66:                                 }
TestTerraformConfluentPlatformExample 2022-07-30T19:37:11Z logger.go:66:                               - jaasConfigPassThrough = {
TestTerraformConfluentPlatformExample 2022-07-30T19:37:11Z logger.go:66:                                   - directoryPathInContainer = null
TestTerraformConfluentPlatformExample 2022-07-30T19:37:11Z logger.go:66:                                   - secretRef                = null
TestTerraformConfluentPlatformExample 2022-07-30T19:37:11Z logger.go:66:                                 }
TestTerraformConfluentPlatformExample 2022-07-30T19:37:11Z logger.go:66:                               - oauthbearer           = {
TestTerraformConfluentPlatformExample 2022-07-30T19:37:11Z logger.go:66:                                   - directoryPathInContainer = null
TestTerraformConfluentPlatformExample 2022-07-30T19:37:11Z logger.go:66:                                   - secretRef                = null
TestTerraformConfluentPlatformExample 2022-07-30T19:37:11Z logger.go:66:                                 }
TestTerraformConfluentPlatformExample 2022-07-30T19:37:11Z logger.go:66:                               - type                  = null
TestTerraformConfluentPlatformExample 2022-07-30T19:37:11Z logger.go:66:                             }
TestTerraformConfluentPlatformExample 2022-07-30T19:37:11Z logger.go:66:                           - bootstrapEndpoint = null
TestTerraformConfluentPlatformExample 2022-07-30T19:37:11Z logger.go:66:                           - discovery         = {
TestTerraformConfluentPlatformExample 2022-07-30T19:37:11Z logger.go:66:                               - name      = null
TestTerraformConfluentPlatformExample 2022-07-30T19:37:11Z logger.go:66:                               - namespace = null
TestTerraformConfluentPlatformExample 2022-07-30T19:37:11Z logger.go:66:                               - secretRef = null
TestTerraformConfluentPlatformExample 2022-07-30T19:37:11Z logger.go:66:                             }
TestTerraformConfluentPlatformExample 2022-07-30T19:37:11Z logger.go:66:                           - tls               = {
TestTerraformConfluentPlatformExample 2022-07-30T19:37:11Z logger.go:66:                               - directoryPathInContainer = null
TestTerraformConfluentPlatformExample 2022-07-30T19:37:11Z logger.go:66:                               - enabled                  = null
TestTerraformConfluentPlatformExample 2022-07-30T19:37:11Z logger.go:66:                               - ignoreTrustStoreConfig   = null
TestTerraformConfluentPlatformExample 2022-07-30T19:37:11Z logger.go:66:                               - jksPassword              = {
TestTerraformConfluentPlatformExample 2022-07-30T19:37:11Z logger.go:66:                                   - secretRef = null
TestTerraformConfluentPlatformExample 2022-07-30T19:37:11Z logger.go:66:                                 }
TestTerraformConfluentPlatformExample 2022-07-30T19:37:11Z logger.go:66:                               - secretRef                = null
TestTerraformConfluentPlatformExample 2022-07-30T19:37:11Z logger.go:66:                             }
TestTerraformConfluentPlatformExample 2022-07-30T19:37:11Z logger.go:66:                         }
TestTerraformConfluentPlatformExample 2022-07-30T19:37:11Z logger.go:66:                       - enabled   = null
TestTerraformConfluentPlatformExample 2022-07-30T19:37:11Z logger.go:66:                       - producer  = {
TestTerraformConfluentPlatformExample 2022-07-30T19:37:11Z logger.go:66:                           - authentication    = {
TestTerraformConfluentPlatformExample 2022-07-30T19:37:11Z logger.go:66:                               - jaasConfig            = {
TestTerraformConfluentPlatformExample 2022-07-30T19:37:11Z logger.go:66:                                   - secretRef = null
TestTerraformConfluentPlatformExample 2022-07-30T19:37:11Z logger.go:66:                                 }
TestTerraformConfluentPlatformExample 2022-07-30T19:37:11Z logger.go:66:                               - jaasConfigPassThrough = {
TestTerraformConfluentPlatformExample 2022-07-30T19:37:11Z logger.go:66:                                   - directoryPathInContainer = null
TestTerraformConfluentPlatformExample 2022-07-30T19:37:11Z logger.go:66:                                   - secretRef                = null
TestTerraformConfluentPlatformExample 2022-07-30T19:37:11Z logger.go:66:                                 }
TestTerraformConfluentPlatformExample 2022-07-30T19:37:11Z logger.go:66:                               - oauthbearer           = {
TestTerraformConfluentPlatformExample 2022-07-30T19:37:11Z logger.go:66:                                   - directoryPathInContainer = null
TestTerraformConfluentPlatformExample 2022-07-30T19:37:11Z logger.go:66:                                   - secretRef                = null
TestTerraformConfluentPlatformExample 2022-07-30T19:37:11Z logger.go:66:                                 }
TestTerraformConfluentPlatformExample 2022-07-30T19:37:11Z logger.go:66:                               - type                  = null
TestTerraformConfluentPlatformExample 2022-07-30T19:37:11Z logger.go:66:                             }
TestTerraformConfluentPlatformExample 2022-07-30T19:37:11Z logger.go:66:                           - bootstrapEndpoint = null
TestTerraformConfluentPlatformExample 2022-07-30T19:37:11Z logger.go:66:                           - discovery         = {
TestTerraformConfluentPlatformExample 2022-07-30T19:37:11Z logger.go:66:                               - name      = null
TestTerraformConfluentPlatformExample 2022-07-30T19:37:11Z logger.go:66:                               - namespace = null
TestTerraformConfluentPlatformExample 2022-07-30T19:37:11Z logger.go:66:                               - secretRef = null
TestTerraformConfluentPlatformExample 2022-07-30T19:37:11Z logger.go:66:                             }
TestTerraformConfluentPlatformExample 2022-07-30T19:37:11Z logger.go:66:                           - tls               = {
TestTerraformConfluentPlatformExample 2022-07-30T19:37:11Z logger.go:66:                               - directoryPathInContainer = null
TestTerraformConfluentPlatformExample 2022-07-30T19:37:11Z logger.go:66:                               - enabled                  = null
TestTerraformConfluentPlatformExample 2022-07-30T19:37:11Z logger.go:66:                               - ignoreTrustStoreConfig   = null
TestTerraformConfluentPlatformExample 2022-07-30T19:37:11Z logger.go:66:                               - jksPassword              = {
TestTerraformConfluentPlatformExample 2022-07-30T19:37:11Z logger.go:66:                                   - secretRef = null
TestTerraformConfluentPlatformExample 2022-07-30T19:37:11Z logger.go:66:                                 }
TestTerraformConfluentPlatformExample 2022-07-30T19:37:11Z logger.go:66:                               - secretRef                = null
TestTerraformConfluentPlatformExample 2022-07-30T19:37:11Z logger.go:66:                             }
TestTerraformConfluentPlatformExample 2022-07-30T19:37:11Z logger.go:66:                         }
TestTerraformConfluentPlatformExample 2022-07-30T19:37:11Z logger.go:66:                       - publishMs = null
TestTerraformConfluentPlatformExample 2022-07-30T19:37:11Z logger.go:66:                     }
TestTerraformConfluentPlatformExample 2022-07-30T19:37:11Z logger.go:66:                   - kafka          = {
TestTerraformConfluentPlatformExample 2022-07-30T19:37:11Z logger.go:66:                       - authentication    = {
TestTerraformConfluentPlatformExample 2022-07-30T19:37:11Z logger.go:66:                           - jaasConfig            = {
TestTerraformConfluentPlatformExample 2022-07-30T19:37:11Z logger.go:66:                               - secretRef = null
TestTerraformConfluentPlatformExample 2022-07-30T19:37:11Z logger.go:66:                             }
TestTerraformConfluentPlatformExample 2022-07-30T19:37:11Z logger.go:66:                           - jaasConfigPassThrough = {
TestTerraformConfluentPlatformExample 2022-07-30T19:37:11Z logger.go:66:                               - directoryPathInContainer = null
TestTerraformConfluentPlatformExample 2022-07-30T19:37:11Z logger.go:66:                               - secretRef                = null
TestTerraformConfluentPlatformExample 2022-07-30T19:37:11Z logger.go:66:                             }
TestTerraformConfluentPlatformExample 2022-07-30T19:37:11Z logger.go:66:                           - oauthbearer           = {
TestTerraformConfluentPlatformExample 2022-07-30T19:37:11Z logger.go:66:                               - directoryPathInContainer = null
TestTerraformConfluentPlatformExample 2022-07-30T19:37:11Z logger.go:66:                               - secretRef                = null
TestTerraformConfluentPlatformExample 2022-07-30T19:37:11Z logger.go:66:                             }
TestTerraformConfluentPlatformExample 2022-07-30T19:37:11Z logger.go:66:                           - type                  = null
TestTerraformConfluentPlatformExample 2022-07-30T19:37:11Z logger.go:66:                         }
TestTerraformConfluentPlatformExample 2022-07-30T19:37:11Z logger.go:66:                       - bootstrapEndpoint = "kafka:9071"
TestTerraformConfluentPlatformExample 2022-07-30T19:37:11Z logger.go:66:                       - discovery         = {
TestTerraformConfluentPlatformExample 2022-07-30T19:37:11Z logger.go:66:                           - name      = null
TestTerraformConfluentPlatformExample 2022-07-30T19:37:11Z logger.go:66:                           - namespace = null
TestTerraformConfluentPlatformExample 2022-07-30T19:37:11Z logger.go:66:                           - secretRef = null
TestTerraformConfluentPlatformExample 2022-07-30T19:37:11Z logger.go:66:                         }
TestTerraformConfluentPlatformExample 2022-07-30T19:37:11Z logger.go:66:                       - tls               = {
TestTerraformConfluentPlatformExample 2022-07-30T19:37:11Z logger.go:66:                           - directoryPathInContainer = null
TestTerraformConfluentPlatformExample 2022-07-30T19:37:11Z logger.go:66:                           - enabled                  = null
TestTerraformConfluentPlatformExample 2022-07-30T19:37:11Z logger.go:66:                           - ignoreTrustStoreConfig   = null
TestTerraformConfluentPlatformExample 2022-07-30T19:37:11Z logger.go:66:                           - jksPassword              = {
TestTerraformConfluentPlatformExample 2022-07-30T19:37:11Z logger.go:66:                               - secretRef = null
TestTerraformConfluentPlatformExample 2022-07-30T19:37:11Z logger.go:66:                             }
TestTerraformConfluentPlatformExample 2022-07-30T19:37:11Z logger.go:66:                           - secretRef                = null
TestTerraformConfluentPlatformExample 2022-07-30T19:37:11Z logger.go:66:                         }
TestTerraformConfluentPlatformExample 2022-07-30T19:37:11Z logger.go:66:                     }
TestTerraformConfluentPlatformExample 2022-07-30T19:37:11Z logger.go:66:                   - mds            = {
TestTerraformConfluentPlatformExample 2022-07-30T19:37:11Z logger.go:66:                       - authentication = {
TestTerraformConfluentPlatformExample 2022-07-30T19:37:11Z logger.go:66:                           - bearer = {
TestTerraformConfluentPlatformExample 2022-07-30T19:37:11Z logger.go:66:                               - directoryPathInContainer = null
TestTerraformConfluentPlatformExample 2022-07-30T19:37:11Z logger.go:66:                               - secretRef                = null
TestTerraformConfluentPlatformExample 2022-07-30T19:37:11Z logger.go:66:                             }
TestTerraformConfluentPlatformExample 2022-07-30T19:37:11Z logger.go:66:                           - type   = null
TestTerraformConfluentPlatformExample 2022-07-30T19:37:11Z logger.go:66:                         }
TestTerraformConfluentPlatformExample 2022-07-30T19:37:11Z logger.go:66:                       - endpoint       = null
TestTerraformConfluentPlatformExample 2022-07-30T19:37:11Z logger.go:66:                       - tls            = {
TestTerraformConfluentPlatformExample 2022-07-30T19:37:11Z logger.go:66:                           - directoryPathInContainer = null
TestTerraformConfluentPlatformExample 2022-07-30T19:37:11Z logger.go:66:                           - enabled                  = null
TestTerraformConfluentPlatformExample 2022-07-30T19:37:11Z logger.go:66:                           - ignoreTrustStoreConfig   = null
TestTerraformConfluentPlatformExample 2022-07-30T19:37:11Z logger.go:66:                           - jksPassword              = {
TestTerraformConfluentPlatformExample 2022-07-30T19:37:11Z logger.go:66:                               - secretRef = null
TestTerraformConfluentPlatformExample 2022-07-30T19:37:11Z logger.go:66:                             }
TestTerraformConfluentPlatformExample 2022-07-30T19:37:11Z logger.go:66:                           - secretRef                = null
TestTerraformConfluentPlatformExample 2022-07-30T19:37:11Z logger.go:66:                         }
TestTerraformConfluentPlatformExample 2022-07-30T19:37:11Z logger.go:66:                       - tokenKeyPair   = {
TestTerraformConfluentPlatformExample 2022-07-30T19:37:11Z logger.go:66:                           - directoryPathInContainer = null
TestTerraformConfluentPlatformExample 2022-07-30T19:37:11Z logger.go:66:                           - secretRef                = null
TestTerraformConfluentPlatformExample 2022-07-30T19:37:11Z logger.go:66:                         }
TestTerraformConfluentPlatformExample 2022-07-30T19:37:11Z logger.go:66:                     }
TestTerraformConfluentPlatformExample 2022-07-30T19:37:11Z logger.go:66:                   - producer       = {
TestTerraformConfluentPlatformExample 2022-07-30T19:37:11Z logger.go:66:                       - authentication    = {
TestTerraformConfluentPlatformExample 2022-07-30T19:37:11Z logger.go:66:                           - jaasConfig            = {
TestTerraformConfluentPlatformExample 2022-07-30T19:37:11Z logger.go:66:                               - secretRef = null
TestTerraformConfluentPlatformExample 2022-07-30T19:37:11Z logger.go:66:                             }
TestTerraformConfluentPlatformExample 2022-07-30T19:37:11Z logger.go:66:                           - jaasConfigPassThrough = {
TestTerraformConfluentPlatformExample 2022-07-30T19:37:11Z logger.go:66:                               - directoryPathInContainer = null
TestTerraformConfluentPlatformExample 2022-07-30T19:37:11Z logger.go:66:                               - secretRef                = null
TestTerraformConfluentPlatformExample 2022-07-30T19:37:11Z logger.go:66:                             }
TestTerraformConfluentPlatformExample 2022-07-30T19:37:11Z logger.go:66:                           - oauthbearer           = {
TestTerraformConfluentPlatformExample 2022-07-30T19:37:11Z logger.go:66:                               - directoryPathInContainer = null
TestTerraformConfluentPlatformExample 2022-07-30T19:37:11Z logger.go:66:                               - secretRef                = null
TestTerraformConfluentPlatformExample 2022-07-30T19:37:11Z logger.go:66:                             }
TestTerraformConfluentPlatformExample 2022-07-30T19:37:11Z logger.go:66:                           - type                  = null
TestTerraformConfluentPlatformExample 2022-07-30T19:37:11Z logger.go:66:                         }
TestTerraformConfluentPlatformExample 2022-07-30T19:37:11Z logger.go:66:                       - bootstrapEndpoint = null
TestTerraformConfluentPlatformExample 2022-07-30T19:37:11Z logger.go:66:                       - discovery         = {
TestTerraformConfluentPlatformExample 2022-07-30T19:37:11Z logger.go:66:                           - name      = null
TestTerraformConfluentPlatformExample 2022-07-30T19:37:11Z logger.go:66:                           - namespace = null
TestTerraformConfluentPlatformExample 2022-07-30T19:37:11Z logger.go:66:                           - secretRef = null
TestTerraformConfluentPlatformExample 2022-07-30T19:37:11Z logger.go:66:                         }
TestTerraformConfluentPlatformExample 2022-07-30T19:37:11Z logger.go:66:                       - tls               = {
TestTerraformConfluentPlatformExample 2022-07-30T19:37:11Z logger.go:66:                           - directoryPathInContainer = null
TestTerraformConfluentPlatformExample 2022-07-30T19:37:11Z logger.go:66:                           - enabled                  = null
TestTerraformConfluentPlatformExample 2022-07-30T19:37:11Z logger.go:66:                           - ignoreTrustStoreConfig   = null
TestTerraformConfluentPlatformExample 2022-07-30T19:37:11Z logger.go:66:                           - jksPassword              = {
TestTerraformConfluentPlatformExample 2022-07-30T19:37:11Z logger.go:66:                               - secretRef = null
TestTerraformConfluentPlatformExample 2022-07-30T19:37:11Z logger.go:66:                             }
TestTerraformConfluentPlatformExample 2022-07-30T19:37:11Z logger.go:66:                           - secretRef                = null
TestTerraformConfluentPlatformExample 2022-07-30T19:37:11Z logger.go:66:                         }
TestTerraformConfluentPlatformExample 2022-07-30T19:37:11Z logger.go:66:                     }
TestTerraformConfluentPlatformExample 2022-07-30T19:37:11Z logger.go:66:                   - schemaRegistry = {
TestTerraformConfluentPlatformExample 2022-07-30T19:37:11Z logger.go:66:                       - authentication = {
TestTerraformConfluentPlatformExample 2022-07-30T19:37:11Z logger.go:66:                           - basic = {
TestTerraformConfluentPlatformExample 2022-07-30T19:37:11Z logger.go:66:                               - debug                    = null
TestTerraformConfluentPlatformExample 2022-07-30T19:37:11Z logger.go:66:                               - directoryPathInContainer = null
TestTerraformConfluentPlatformExample 2022-07-30T19:37:11Z logger.go:66:                               - restrictedRoles          = null
TestTerraformConfluentPlatformExample 2022-07-30T19:37:11Z logger.go:66:                               - roles                    = null
TestTerraformConfluentPlatformExample 2022-07-30T19:37:11Z logger.go:66:                               - secretRef                = null
TestTerraformConfluentPlatformExample 2022-07-30T19:37:11Z logger.go:66:                             }
TestTerraformConfluentPlatformExample 2022-07-30T19:37:11Z logger.go:66:                           - type  = null
TestTerraformConfluentPlatformExample 2022-07-30T19:37:11Z logger.go:66:                         }
TestTerraformConfluentPlatformExample 2022-07-30T19:37:11Z logger.go:66:                       - tls            = {
TestTerraformConfluentPlatformExample 2022-07-30T19:37:11Z logger.go:66:                           - directoryPathInContainer = null
TestTerraformConfluentPlatformExample 2022-07-30T19:37:11Z logger.go:66:                           - enabled                  = null
TestTerraformConfluentPlatformExample 2022-07-30T19:37:11Z logger.go:66:                           - ignoreTrustStoreConfig   = null
TestTerraformConfluentPlatformExample 2022-07-30T19:37:11Z logger.go:66:                           - jksPassword              = {
TestTerraformConfluentPlatformExample 2022-07-30T19:37:11Z logger.go:66:                               - secretRef = null
TestTerraformConfluentPlatformExample 2022-07-30T19:37:11Z logger.go:66:                             }
TestTerraformConfluentPlatformExample 2022-07-30T19:37:11Z logger.go:66:                           - secretRef                = null
TestTerraformConfluentPlatformExample 2022-07-30T19:37:11Z logger.go:66:                         }
TestTerraformConfluentPlatformExample 2022-07-30T19:37:11Z logger.go:66:                       - url            = null
TestTerraformConfluentPlatformExample 2022-07-30T19:37:11Z logger.go:66:                     }
TestTerraformConfluentPlatformExample 2022-07-30T19:37:11Z logger.go:66:                 }
TestTerraformConfluentPlatformExample 2022-07-30T19:37:11Z logger.go:66:               - enableSchemas                  = null
TestTerraformConfluentPlatformExample 2022-07-30T19:37:11Z logger.go:66:               - externalAccess                 = {
TestTerraformConfluentPlatformExample 2022-07-30T19:37:11Z logger.go:66:                   - loadBalancer = {
TestTerraformConfluentPlatformExample 2022-07-30T19:37:11Z logger.go:66:                       - advertisedURL            = {
TestTerraformConfluentPlatformExample 2022-07-30T19:37:11Z logger.go:66:                           - enabled = null
TestTerraformConfluentPlatformExample 2022-07-30T19:37:11Z logger.go:66:                           - prefix  = null
TestTerraformConfluentPlatformExample 2022-07-30T19:37:11Z logger.go:66:                         }
TestTerraformConfluentPlatformExample 2022-07-30T19:37:11Z logger.go:66:                       - annotations              = null
TestTerraformConfluentPlatformExample 2022-07-30T19:37:11Z logger.go:66:                       - domain                   = null
TestTerraformConfluentPlatformExample 2022-07-30T19:37:11Z logger.go:66:                       - externalTrafficPolicy    = null
TestTerraformConfluentPlatformExample 2022-07-30T19:37:11Z logger.go:66:                       - labels                   = null
TestTerraformConfluentPlatformExample 2022-07-30T19:37:11Z logger.go:66:                       - loadBalancerSourceRanges = null
TestTerraformConfluentPlatformExample 2022-07-30T19:37:11Z logger.go:66:                       - port                     = null
TestTerraformConfluentPlatformExample 2022-07-30T19:37:11Z logger.go:66:                       - prefix                   = null
TestTerraformConfluentPlatformExample 2022-07-30T19:37:11Z logger.go:66:                       - servicePorts             = null
TestTerraformConfluentPlatformExample 2022-07-30T19:37:11Z logger.go:66:                       - sessionAffinity          = null
TestTerraformConfluentPlatformExample 2022-07-30T19:37:11Z logger.go:66:                       - sessionAffinityConfig    = {
TestTerraformConfluentPlatformExample 2022-07-30T19:37:11Z logger.go:66:                           - clientIP = {
TestTerraformConfluentPlatformExample 2022-07-30T19:37:11Z logger.go:66:                               - timeoutSeconds = null
TestTerraformConfluentPlatformExample 2022-07-30T19:37:11Z logger.go:66:                             }
TestTerraformConfluentPlatformExample 2022-07-30T19:37:11Z logger.go:66:                         }
TestTerraformConfluentPlatformExample 2022-07-30T19:37:11Z logger.go:66:                     }
TestTerraformConfluentPlatformExample 2022-07-30T19:37:11Z logger.go:66:                   - nodePort     = {
TestTerraformConfluentPlatformExample 2022-07-30T19:37:11Z logger.go:66:                       - advertisedURL         = {
TestTerraformConfluentPlatformExample 2022-07-30T19:37:11Z logger.go:66:                           - enabled = null
TestTerraformConfluentPlatformExample 2022-07-30T19:37:11Z logger.go:66:                           - prefix  = null
TestTerraformConfluentPlatformExample 2022-07-30T19:37:11Z logger.go:66:                         }
TestTerraformConfluentPlatformExample 2022-07-30T19:37:11Z logger.go:66:                       - annotations           = null
TestTerraformConfluentPlatformExample 2022-07-30T19:37:11Z logger.go:66:                       - externalTrafficPolicy = null
TestTerraformConfluentPlatformExample 2022-07-30T19:37:11Z logger.go:66:                       - host                  = null
TestTerraformConfluentPlatformExample 2022-07-30T19:37:11Z logger.go:66:                       - labels                = null
TestTerraformConfluentPlatformExample 2022-07-30T19:37:11Z logger.go:66:                       - nodePortOffset        = null
TestTerraformConfluentPlatformExample 2022-07-30T19:37:11Z logger.go:66:                       - servicePorts          = null
TestTerraformConfluentPlatformExample 2022-07-30T19:37:11Z logger.go:66:                       - sessionAffinity       = null
TestTerraformConfluentPlatformExample 2022-07-30T19:37:11Z logger.go:66:                       - sessionAffinityConfig = {
TestTerraformConfluentPlatformExample 2022-07-30T19:37:11Z logger.go:66:                           - clientIP = {
TestTerraformConfluentPlatformExample 2022-07-30T19:37:11Z logger.go:66:                               - timeoutSeconds = null
TestTerraformConfluentPlatformExample 2022-07-30T19:37:11Z logger.go:66:                             }
TestTerraformConfluentPlatformExample 2022-07-30T19:37:11Z logger.go:66:                         }
TestTerraformConfluentPlatformExample 2022-07-30T19:37:11Z logger.go:66:                     }
TestTerraformConfluentPlatformExample 2022-07-30T19:37:11Z logger.go:66:                   - route        = {
TestTerraformConfluentPlatformExample 2022-07-30T19:37:11Z logger.go:66:                       - annotations    = null
TestTerraformConfluentPlatformExample 2022-07-30T19:37:11Z logger.go:66:                       - domain         = null
TestTerraformConfluentPlatformExample 2022-07-30T19:37:11Z logger.go:66:                       - labels         = null
TestTerraformConfluentPlatformExample 2022-07-30T19:37:11Z logger.go:66:                       - prefix         = null
TestTerraformConfluentPlatformExample 2022-07-30T19:37:11Z logger.go:66:                       - wildcardPolicy = null
TestTerraformConfluentPlatformExample 2022-07-30T19:37:11Z logger.go:66:                     }
TestTerraformConfluentPlatformExample 2022-07-30T19:37:11Z logger.go:66:                   - type         = null
TestTerraformConfluentPlatformExample 2022-07-30T19:37:11Z logger.go:66:                 }
TestTerraformConfluentPlatformExample 2022-07-30T19:37:11Z logger.go:66:               - headlessService                = {
TestTerraformConfluentPlatformExample 2022-07-30T19:37:11Z logger.go:66:                   - annotations              = null
TestTerraformConfluentPlatformExample 2022-07-30T19:37:11Z logger.go:66:                   - labels                   = null
TestTerraformConfluentPlatformExample 2022-07-30T19:37:11Z logger.go:66:                   - publishNotReadyAddresses = null
TestTerraformConfluentPlatformExample 2022-07-30T19:37:11Z logger.go:66:                 }
TestTerraformConfluentPlatformExample 2022-07-30T19:37:11Z logger.go:66:               - image                          = {
TestTerraformConfluentPlatformExample 2022-07-30T19:37:11Z logger.go:66:                   - application   = "confluentinc/cp-server-connect:7.2.0"
TestTerraformConfluentPlatformExample 2022-07-30T19:37:11Z logger.go:66:                   - init          = "confluentinc/confluent-init-container:2.4.0"
TestTerraformConfluentPlatformExample 2022-07-30T19:37:11Z logger.go:66:                   - pullPolicy    = null
TestTerraformConfluentPlatformExample 2022-07-30T19:37:11Z logger.go:66:                   - pullSecretRef = null
TestTerraformConfluentPlatformExample 2022-07-30T19:37:11Z logger.go:66:                 }
TestTerraformConfluentPlatformExample 2022-07-30T19:37:11Z logger.go:66:               - injectAnnotations              = null
TestTerraformConfluentPlatformExample 2022-07-30T19:37:11Z logger.go:66:               - injectLabels                   = null
TestTerraformConfluentPlatformExample 2022-07-30T19:37:11Z logger.go:66:               - internalTopicReplicationFactor = null
TestTerraformConfluentPlatformExample 2022-07-30T19:37:11Z logger.go:66:               - k8sClusterDomain               = null
TestTerraformConfluentPlatformExample 2022-07-30T19:37:11Z logger.go:66:               - keyConverterType               = null
TestTerraformConfluentPlatformExample 2022-07-30T19:37:11Z logger.go:66:               - license                        = {
TestTerraformConfluentPlatformExample 2022-07-30T19:37:11Z logger.go:66:                   - directoryPathInContainer = null
TestTerraformConfluentPlatformExample 2022-07-30T19:37:11Z logger.go:66:                   - globalLicense            = null
TestTerraformConfluentPlatformExample 2022-07-30T19:37:11Z logger.go:66:                   - secretRef                = null
TestTerraformConfluentPlatformExample 2022-07-30T19:37:11Z logger.go:66:                 }
TestTerraformConfluentPlatformExample 2022-07-30T19:37:11Z logger.go:66:               - metrics                        = {
TestTerraformConfluentPlatformExample 2022-07-30T19:37:11Z logger.go:66:                   - authentication = {
TestTerraformConfluentPlatformExample 2022-07-30T19:37:11Z logger.go:66:                       - type = null
TestTerraformConfluentPlatformExample 2022-07-30T19:37:11Z logger.go:66:                     }
TestTerraformConfluentPlatformExample 2022-07-30T19:37:11Z logger.go:66:                   - prometheus     = {
TestTerraformConfluentPlatformExample 2022-07-30T19:37:11Z logger.go:66:                       - blacklist = null
TestTerraformConfluentPlatformExample 2022-07-30T19:37:11Z logger.go:66:                       - rules     = null
TestTerraformConfluentPlatformExample 2022-07-30T19:37:11Z logger.go:66:                       - whitelist = null
TestTerraformConfluentPlatformExample 2022-07-30T19:37:11Z logger.go:66:                     }
TestTerraformConfluentPlatformExample 2022-07-30T19:37:11Z logger.go:66:                   - tls            = {
TestTerraformConfluentPlatformExample 2022-07-30T19:37:11Z logger.go:66:                       - directoryPathInContainer = null
TestTerraformConfluentPlatformExample 2022-07-30T19:37:11Z logger.go:66:                       - enabled                  = null
TestTerraformConfluentPlatformExample 2022-07-30T19:37:11Z logger.go:66:                       - ignoreTrustStoreConfig   = null
TestTerraformConfluentPlatformExample 2022-07-30T19:37:11Z logger.go:66:                       - jksPassword              = {
TestTerraformConfluentPlatformExample 2022-07-30T19:37:11Z logger.go:66:                           - secretRef = null
TestTerraformConfluentPlatformExample 2022-07-30T19:37:11Z logger.go:66:                         }
TestTerraformConfluentPlatformExample 2022-07-30T19:37:11Z logger.go:66:                       - secretRef                = null
TestTerraformConfluentPlatformExample 2022-07-30T19:37:11Z logger.go:66:                     }
TestTerraformConfluentPlatformExample 2022-07-30T19:37:11Z logger.go:66:                 }
TestTerraformConfluentPlatformExample 2022-07-30T19:37:11Z logger.go:66:               - mountedSecrets                 = null
TestTerraformConfluentPlatformExample 2022-07-30T19:37:11Z logger.go:66:               - mountedVolumes                 = {
TestTerraformConfluentPlatformExample 2022-07-30T19:37:11Z logger.go:66:                   - volumeMounts = null
TestTerraformConfluentPlatformExample 2022-07-30T19:37:11Z logger.go:66:                   - volumes      = null
TestTerraformConfluentPlatformExample 2022-07-30T19:37:11Z logger.go:66:                 }
TestTerraformConfluentPlatformExample 2022-07-30T19:37:11Z logger.go:66:               - oneReplicaPerNode              = null
TestTerraformConfluentPlatformExample 2022-07-30T19:37:11Z logger.go:66:               - podTemplate                    = {
TestTerraformConfluentPlatformExample 2022-07-30T19:37:11Z logger.go:66:                   - affinity                      = {
TestTerraformConfluentPlatformExample 2022-07-30T19:37:11Z logger.go:66:                       - nodeAffinity    = {
TestTerraformConfluentPlatformExample 2022-07-30T19:37:11Z logger.go:66:                           - preferredDuringSchedulingIgnoredDuringExecution = null
TestTerraformConfluentPlatformExample 2022-07-30T19:37:11Z logger.go:66:                           - requiredDuringSchedulingIgnoredDuringExecution  = {
TestTerraformConfluentPlatformExample 2022-07-30T19:37:11Z logger.go:66:                               - nodeSelectorTerms = null
TestTerraformConfluentPlatformExample 2022-07-30T19:37:11Z logger.go:66:                             }
TestTerraformConfluentPlatformExample 2022-07-30T19:37:11Z logger.go:66:                         }
TestTerraformConfluentPlatformExample 2022-07-30T19:37:11Z logger.go:66:                       - podAffinity     = {
TestTerraformConfluentPlatformExample 2022-07-30T19:37:11Z logger.go:66:                           - preferredDuringSchedulingIgnoredDuringExecution = null
TestTerraformConfluentPlatformExample 2022-07-30T19:37:11Z logger.go:66:                           - requiredDuringSchedulingIgnoredDuringExecution  = null
TestTerraformConfluentPlatformExample 2022-07-30T19:37:11Z logger.go:66:                         }
TestTerraformConfluentPlatformExample 2022-07-30T19:37:11Z logger.go:66:                       - podAntiAffinity = {
TestTerraformConfluentPlatformExample 2022-07-30T19:37:11Z logger.go:66:                           - preferredDuringSchedulingIgnoredDuringExecution = null
TestTerraformConfluentPlatformExample 2022-07-30T19:37:11Z logger.go:66:                           - requiredDuringSchedulingIgnoredDuringExecution  = null
TestTerraformConfluentPlatformExample 2022-07-30T19:37:11Z logger.go:66:                         }
TestTerraformConfluentPlatformExample 2022-07-30T19:37:11Z logger.go:66:                     }
TestTerraformConfluentPlatformExample 2022-07-30T19:37:11Z logger.go:66:                   - annotations                   = null
TestTerraformConfluentPlatformExample 2022-07-30T19:37:11Z logger.go:66:                   - envVars                       = null
TestTerraformConfluentPlatformExample 2022-07-30T19:37:11Z logger.go:66:                   - labels                        = null
TestTerraformConfluentPlatformExample 2022-07-30T19:37:11Z logger.go:66:                   - podSecurityContext            = {
TestTerraformConfluentPlatformExample 2022-07-30T19:37:11Z logger.go:66:                       - fsGroup             = null
TestTerraformConfluentPlatformExample 2022-07-30T19:37:11Z logger.go:66:                       - fsGroupChangePolicy = null
TestTerraformConfluentPlatformExample 2022-07-30T19:37:11Z logger.go:66:                       - runAsGroup          = null
TestTerraformConfluentPlatformExample 2022-07-30T19:37:11Z logger.go:66:                       - runAsNonRoot        = null
TestTerraformConfluentPlatformExample 2022-07-30T19:37:11Z logger.go:66:                       - runAsUser           = null
TestTerraformConfluentPlatformExample 2022-07-30T19:37:11Z logger.go:66:                       - seLinuxOptions      = {
TestTerraformConfluentPlatformExample 2022-07-30T19:37:11Z logger.go:66:                           - level = null
TestTerraformConfluentPlatformExample 2022-07-30T19:37:11Z logger.go:66:                           - role  = null
TestTerraformConfluentPlatformExample 2022-07-30T19:37:11Z logger.go:66:                           - type  = null
TestTerraformConfluentPlatformExample 2022-07-30T19:37:11Z logger.go:66:                           - user  = null
TestTerraformConfluentPlatformExample 2022-07-30T19:37:11Z logger.go:66:                         }
TestTerraformConfluentPlatformExample 2022-07-30T19:37:11Z logger.go:66:                       - seccompProfile      = {
TestTerraformConfluentPlatformExample 2022-07-30T19:37:11Z logger.go:66:                           - localhostProfile = null
TestTerraformConfluentPlatformExample 2022-07-30T19:37:11Z logger.go:66:                           - type             = null
TestTerraformConfluentPlatformExample 2022-07-30T19:37:11Z logger.go:66:                         }
TestTerraformConfluentPlatformExample 2022-07-30T19:37:11Z logger.go:66:                       - supplementalGroups  = null
TestTerraformConfluentPlatformExample 2022-07-30T19:37:11Z logger.go:66:                       - sysctls             = null
TestTerraformConfluentPlatformExample 2022-07-30T19:37:11Z logger.go:66:                       - windowsOptions      = {
TestTerraformConfluentPlatformExample 2022-07-30T19:37:11Z logger.go:66:                           - gmsaCredentialSpec     = null
TestTerraformConfluentPlatformExample 2022-07-30T19:37:11Z logger.go:66:                           - gmsaCredentialSpecName = null
TestTerraformConfluentPlatformExample 2022-07-30T19:37:11Z logger.go:66:                           - hostProcess            = null
TestTerraformConfluentPlatformExample 2022-07-30T19:37:11Z logger.go:66:                           - runAsUserName          = null
TestTerraformConfluentPlatformExample 2022-07-30T19:37:11Z logger.go:66:                         }
TestTerraformConfluentPlatformExample 2022-07-30T19:37:11Z logger.go:66:                     }
TestTerraformConfluentPlatformExample 2022-07-30T19:37:11Z logger.go:66:                   - priorityClassName             = null
TestTerraformConfluentPlatformExample 2022-07-30T19:37:11Z logger.go:66:                   - probe                         = {
TestTerraformConfluentPlatformExample 2022-07-30T19:37:11Z logger.go:66:                       - liveness  = {
TestTerraformConfluentPlatformExample 2022-07-30T19:37:11Z logger.go:66:                           - failureThreshold    = null
TestTerraformConfluentPlatformExample 2022-07-30T19:37:11Z logger.go:66:                           - initialDelaySeconds = null
TestTerraformConfluentPlatformExample 2022-07-30T19:37:11Z logger.go:66:                           - periodSeconds       = null
TestTerraformConfluentPlatformExample 2022-07-30T19:37:11Z logger.go:66:                           - successThreshold    = null
TestTerraformConfluentPlatformExample 2022-07-30T19:37:11Z logger.go:66:                           - timeoutSeconds      = null
TestTerraformConfluentPlatformExample 2022-07-30T19:37:11Z logger.go:66:                         }
TestTerraformConfluentPlatformExample 2022-07-30T19:37:11Z logger.go:66:                       - readiness = {
TestTerraformConfluentPlatformExample 2022-07-30T19:37:11Z logger.go:66:                           - failureThreshold    = null
TestTerraformConfluentPlatformExample 2022-07-30T19:37:11Z logger.go:66:                           - initialDelaySeconds = null
TestTerraformConfluentPlatformExample 2022-07-30T19:37:11Z logger.go:66:                           - periodSeconds       = null
TestTerraformConfluentPlatformExample 2022-07-30T19:37:11Z logger.go:66:                           - successThreshold    = null
TestTerraformConfluentPlatformExample 2022-07-30T19:37:11Z logger.go:66:                           - timeoutSeconds      = null
TestTerraformConfluentPlatformExample 2022-07-30T19:37:11Z logger.go:66:                         }
TestTerraformConfluentPlatformExample 2022-07-30T19:37:11Z logger.go:66:                     }
TestTerraformConfluentPlatformExample 2022-07-30T19:37:11Z logger.go:66:                   - resources                     = {
TestTerraformConfluentPlatformExample 2022-07-30T19:37:11Z logger.go:66:                       - limits   = null
TestTerraformConfluentPlatformExample 2022-07-30T19:37:11Z logger.go:66:                       - requests = null
TestTerraformConfluentPlatformExample 2022-07-30T19:37:11Z logger.go:66:                     }
TestTerraformConfluentPlatformExample 2022-07-30T19:37:11Z logger.go:66:                   - securityContext               = {
TestTerraformConfluentPlatformExample 2022-07-30T19:37:11Z logger.go:66:                       - allowPrivilegeEscalation = null
TestTerraformConfluentPlatformExample 2022-07-30T19:37:11Z logger.go:66:                       - capabilities             = {
TestTerraformConfluentPlatformExample 2022-07-30T19:37:11Z logger.go:66:                           - add  = null
TestTerraformConfluentPlatformExample 2022-07-30T19:37:11Z logger.go:66:                           - drop = null
TestTerraformConfluentPlatformExample 2022-07-30T19:37:11Z logger.go:66:                         }
TestTerraformConfluentPlatformExample 2022-07-30T19:37:11Z logger.go:66:                       - privileged               = null
TestTerraformConfluentPlatformExample 2022-07-30T19:37:11Z logger.go:66:                       - procMount                = null
TestTerraformConfluentPlatformExample 2022-07-30T19:37:11Z logger.go:66:                       - readOnlyRootFilesystem   = null
TestTerraformConfluentPlatformExample 2022-07-30T19:37:11Z logger.go:66:                       - runAsGroup               = null
TestTerraformConfluentPlatformExample 2022-07-30T19:37:11Z logger.go:66:                       - runAsNonRoot             = null
TestTerraformConfluentPlatformExample 2022-07-30T19:37:11Z logger.go:66:                       - runAsUser                = null
TestTerraformConfluentPlatformExample 2022-07-30T19:37:11Z logger.go:66:                       - seLinuxOptions           = {
TestTerraformConfluentPlatformExample 2022-07-30T19:37:11Z logger.go:66:                           - level = null
TestTerraformConfluentPlatformExample 2022-07-30T19:37:11Z logger.go:66:                           - role  = null
TestTerraformConfluentPlatformExample 2022-07-30T19:37:11Z logger.go:66:                           - type  = null
TestTerraformConfluentPlatformExample 2022-07-30T19:37:11Z logger.go:66:                           - user  = null
TestTerraformConfluentPlatformExample 2022-07-30T19:37:11Z logger.go:66:                         }
TestTerraformConfluentPlatformExample 2022-07-30T19:37:11Z logger.go:66:                       - seccompProfile           = {
TestTerraformConfluentPlatformExample 2022-07-30T19:37:11Z logger.go:66:                           - localhostProfile = null
TestTerraformConfluentPlatformExample 2022-07-30T19:37:11Z logger.go:66:                           - type             = null
TestTerraformConfluentPlatformExample 2022-07-30T19:37:11Z logger.go:66:                         }
TestTerraformConfluentPlatformExample 2022-07-30T19:37:11Z logger.go:66:                       - windowsOptions           = {
TestTerraformConfluentPlatformExample 2022-07-30T19:37:11Z logger.go:66:                           - gmsaCredentialSpec     = null
TestTerraformConfluentPlatformExample 2022-07-30T19:37:11Z logger.go:66:                           - gmsaCredentialSpecName = null
TestTerraformConfluentPlatformExample 2022-07-30T19:37:11Z logger.go:66:                           - hostProcess            = null
TestTerraformConfluentPlatformExample 2022-07-30T19:37:11Z logger.go:66:                           - runAsUserName          = null
TestTerraformConfluentPlatformExample 2022-07-30T19:37:11Z logger.go:66:                         }
TestTerraformConfluentPlatformExample 2022-07-30T19:37:11Z logger.go:66:                     }
TestTerraformConfluentPlatformExample 2022-07-30T19:37:11Z logger.go:66:                   - serviceAccountName            = null
TestTerraformConfluentPlatformExample 2022-07-30T19:37:11Z logger.go:66:                   - terminationGracePeriodSeconds = null
TestTerraformConfluentPlatformExample 2022-07-30T19:37:11Z logger.go:66:                   - tolerations                   = null
TestTerraformConfluentPlatformExample 2022-07-30T19:37:11Z logger.go:66:                   - topologySpreadConstraints     = null
TestTerraformConfluentPlatformExample 2022-07-30T19:37:11Z logger.go:66:                 }
TestTerraformConfluentPlatformExample 2022-07-30T19:37:11Z logger.go:66:               - replicas                       = 1
TestTerraformConfluentPlatformExample 2022-07-30T19:37:11Z logger.go:66:               - telemetry                      = {
TestTerraformConfluentPlatformExample 2022-07-30T19:37:11Z logger.go:66:                   - global = null
TestTerraformConfluentPlatformExample 2022-07-30T19:37:11Z logger.go:66:                 }
TestTerraformConfluentPlatformExample 2022-07-30T19:37:11Z logger.go:66:               - tls                            = {
TestTerraformConfluentPlatformExample 2022-07-30T19:37:11Z logger.go:66:                   - autoGeneratedCerts       = null
TestTerraformConfluentPlatformExample 2022-07-30T19:37:11Z logger.go:66:                   - directoryPathInContainer = null
TestTerraformConfluentPlatformExample 2022-07-30T19:37:11Z logger.go:66:                   - ignoreTrustStoreConfig   = null
TestTerraformConfluentPlatformExample 2022-07-30T19:37:11Z logger.go:66:                   - jksPassword              = {
TestTerraformConfluentPlatformExample 2022-07-30T19:37:11Z logger.go:66:                       - secretRef = null
TestTerraformConfluentPlatformExample 2022-07-30T19:37:11Z logger.go:66:                     }
TestTerraformConfluentPlatformExample 2022-07-30T19:37:11Z logger.go:66:                   - secretRef                = null
TestTerraformConfluentPlatformExample 2022-07-30T19:37:11Z logger.go:66:                 }
TestTerraformConfluentPlatformExample 2022-07-30T19:37:11Z logger.go:66:               - valueConverterType             = null
TestTerraformConfluentPlatformExample 2022-07-30T19:37:11Z logger.go:66:             }
TestTerraformConfluentPlatformExample 2022-07-30T19:37:11Z logger.go:66:         } -> null
TestTerraformConfluentPlatformExample 2022-07-30T19:37:11Z logger.go:66:
TestTerraformConfluentPlatformExample 2022-07-30T19:37:11Z logger.go:66:       - timeouts {
TestTerraformConfluentPlatformExample 2022-07-30T19:37:11Z logger.go:66:           - create = "1h" -> null
TestTerraformConfluentPlatformExample 2022-07-30T19:37:11Z logger.go:66:           - delete = "10m" -> null
TestTerraformConfluentPlatformExample 2022-07-30T19:37:11Z logger.go:66:           - update = "1h" -> null
TestTerraformConfluentPlatformExample 2022-07-30T19:37:11Z logger.go:66:         }
TestTerraformConfluentPlatformExample 2022-07-30T19:37:11Z logger.go:66:
TestTerraformConfluentPlatformExample 2022-07-30T19:37:11Z logger.go:66:       - wait {
TestTerraformConfluentPlatformExample 2022-07-30T19:37:11Z logger.go:66:           - fields = {
TestTerraformConfluentPlatformExample 2022-07-30T19:37:11Z logger.go:66:               - "status.phase" = "RUNNING"
TestTerraformConfluentPlatformExample 2022-07-30T19:37:11Z logger.go:66:             } -> null
TestTerraformConfluentPlatformExample 2022-07-30T19:37:11Z logger.go:66:         }
TestTerraformConfluentPlatformExample 2022-07-30T19:37:11Z logger.go:66:     }
TestTerraformConfluentPlatformExample 2022-07-30T19:37:11Z logger.go:66:
TestTerraformConfluentPlatformExample 2022-07-30T19:37:11Z logger.go:66:   # module.confluent_platform.kubernetes_manifest.component["controlcenter"] will be destroyed
TestTerraformConfluentPlatformExample 2022-07-30T19:37:11Z logger.go:66:   - resource "kubernetes_manifest" "component" {
TestTerraformConfluentPlatformExample 2022-07-30T19:37:11Z logger.go:66:       - computed_fields = [
TestTerraformConfluentPlatformExample 2022-07-30T19:37:11Z logger.go:66:           - "metadata.finalizers",
TestTerraformConfluentPlatformExample 2022-07-30T19:37:11Z logger.go:66:         ] -> null
TestTerraformConfluentPlatformExample 2022-07-30T19:37:11Z logger.go:66:       - manifest        = {
TestTerraformConfluentPlatformExample 2022-07-30T19:37:11Z logger.go:66:           - apiVersion = "platform.confluent.io/v1beta1"
TestTerraformConfluentPlatformExample 2022-07-30T19:37:11Z logger.go:66:           - kind       = "ControlCenter"
TestTerraformConfluentPlatformExample 2022-07-30T19:37:11Z logger.go:66:           - metadata   = {
TestTerraformConfluentPlatformExample 2022-07-30T19:37:11Z logger.go:66:               - name      = "controlcenter"
TestTerraformConfluentPlatformExample 2022-07-30T19:37:11Z logger.go:66:               - namespace = "confluent"
TestTerraformConfluentPlatformExample 2022-07-30T19:37:11Z logger.go:66:             }
TestTerraformConfluentPlatformExample 2022-07-30T19:37:11Z logger.go:66:           - spec       = {
TestTerraformConfluentPlatformExample 2022-07-30T19:37:11Z logger.go:66:               - dataVolumeCapacity = "10Gi"
TestTerraformConfluentPlatformExample 2022-07-30T19:37:11Z logger.go:66:               - dependencies       = {
TestTerraformConfluentPlatformExample 2022-07-30T19:37:11Z logger.go:66:                   - connect        = [
TestTerraformConfluentPlatformExample 2022-07-30T19:37:11Z logger.go:66:                       - {
TestTerraformConfluentPlatformExample 2022-07-30T19:37:11Z logger.go:66:                           - name = "connect"
TestTerraformConfluentPlatformExample 2022-07-30T19:37:11Z logger.go:66:                           - url  = "http://connect.confluent.svc.cluster.local:8083"
TestTerraformConfluentPlatformExample 2022-07-30T19:37:11Z logger.go:66:                         },
TestTerraformConfluentPlatformExample 2022-07-30T19:37:11Z logger.go:66:                     ]
TestTerraformConfluentPlatformExample 2022-07-30T19:37:11Z logger.go:66:                   - ksqldb         = [
TestTerraformConfluentPlatformExample 2022-07-30T19:37:11Z logger.go:66:                       - {
TestTerraformConfluentPlatformExample 2022-07-30T19:37:11Z logger.go:66:                           - name = "ksqldb"
TestTerraformConfluentPlatformExample 2022-07-30T19:37:11Z logger.go:66:                           - url  = "http://ksqldb.confluent.svc.cluster.local:8088"
TestTerraformConfluentPlatformExample 2022-07-30T19:37:11Z logger.go:66:                         },
TestTerraformConfluentPlatformExample 2022-07-30T19:37:11Z logger.go:66:                     ]
TestTerraformConfluentPlatformExample 2022-07-30T19:37:11Z logger.go:66:                   - schemaRegistry = {
TestTerraformConfluentPlatformExample 2022-07-30T19:37:11Z logger.go:66:                       - url = "http://schemaregistry.confluent.svc.cluster.local:8081"
TestTerraformConfluentPlatformExample 2022-07-30T19:37:11Z logger.go:66:                     }
TestTerraformConfluentPlatformExample 2022-07-30T19:37:11Z logger.go:66:                 }
TestTerraformConfluentPlatformExample 2022-07-30T19:37:11Z logger.go:66:               - image              = {
TestTerraformConfluentPlatformExample 2022-07-30T19:37:11Z logger.go:66:                   - application = "confluentinc/cp-enterprise-control-center:7.2.0"
TestTerraformConfluentPlatformExample 2022-07-30T19:37:11Z logger.go:66:                   - init        = "confluentinc/confluent-init-container:2.4.0"
TestTerraformConfluentPlatformExample 2022-07-30T19:37:11Z logger.go:66:                 }
TestTerraformConfluentPlatformExample 2022-07-30T19:37:11Z logger.go:66:               - replicas           = 1
TestTerraformConfluentPlatformExample 2022-07-30T19:37:11Z logger.go:66:             }
TestTerraformConfluentPlatformExample 2022-07-30T19:37:11Z logger.go:66:         } -> null
TestTerraformConfluentPlatformExample 2022-07-30T19:37:11Z logger.go:66:       - object          = {
TestTerraformConfluentPlatformExample 2022-07-30T19:37:11Z logger.go:66:           - apiVersion = "platform.confluent.io/v1beta1"
TestTerraformConfluentPlatformExample 2022-07-30T19:37:11Z logger.go:66:           - kind       = "ControlCenter"
TestTerraformConfluentPlatformExample 2022-07-30T19:37:11Z logger.go:66:           - metadata   = {
TestTerraformConfluentPlatformExample 2022-07-30T19:37:11Z logger.go:66:               - annotations                = null
TestTerraformConfluentPlatformExample 2022-07-30T19:37:11Z logger.go:66:               - clusterName                = null
TestTerraformConfluentPlatformExample 2022-07-30T19:37:11Z logger.go:66:               - creationTimestamp          = null
TestTerraformConfluentPlatformExample 2022-07-30T19:37:11Z logger.go:66:               - deletionGracePeriodSeconds = null
TestTerraformConfluentPlatformExample 2022-07-30T19:37:11Z logger.go:66:               - deletionTimestamp          = null
TestTerraformConfluentPlatformExample 2022-07-30T19:37:11Z logger.go:66:               - finalizers                 = [
TestTerraformConfluentPlatformExample 2022-07-30T19:37:11Z logger.go:66:                   - "controlcenter.finalizers.platform.confluent.io",
TestTerraformConfluentPlatformExample 2022-07-30T19:37:11Z logger.go:66:                 ]
TestTerraformConfluentPlatformExample 2022-07-30T19:37:11Z logger.go:66:               - generateName               = null
TestTerraformConfluentPlatformExample 2022-07-30T19:37:11Z logger.go:66:               - generation                 = null
TestTerraformConfluentPlatformExample 2022-07-30T19:37:11Z logger.go:66:               - labels                     = null
TestTerraformConfluentPlatformExample 2022-07-30T19:37:11Z logger.go:66:               - managedFields              = null
TestTerraformConfluentPlatformExample 2022-07-30T19:37:11Z logger.go:66:               - name                       = "controlcenter"
TestTerraformConfluentPlatformExample 2022-07-30T19:37:11Z logger.go:66:               - namespace                  = "confluent"
TestTerraformConfluentPlatformExample 2022-07-30T19:37:11Z logger.go:66:               - ownerReferences            = null
TestTerraformConfluentPlatformExample 2022-07-30T19:37:11Z logger.go:66:               - resourceVersion            = null
TestTerraformConfluentPlatformExample 2022-07-30T19:37:11Z logger.go:66:               - selfLink                   = null
TestTerraformConfluentPlatformExample 2022-07-30T19:37:11Z logger.go:66:               - uid                        = null
TestTerraformConfluentPlatformExample 2022-07-30T19:37:11Z logger.go:66:             }
TestTerraformConfluentPlatformExample 2022-07-30T19:37:11Z logger.go:66:           - spec       = {
TestTerraformConfluentPlatformExample 2022-07-30T19:37:11Z logger.go:66:               - authentication                = {
TestTerraformConfluentPlatformExample 2022-07-30T19:37:11Z logger.go:66:                   - basic = {
TestTerraformConfluentPlatformExample 2022-07-30T19:37:11Z logger.go:66:                       - debug                    = null
TestTerraformConfluentPlatformExample 2022-07-30T19:37:11Z logger.go:66:                       - directoryPathInContainer = null
TestTerraformConfluentPlatformExample 2022-07-30T19:37:11Z logger.go:66:                       - restrictedRoles          = null
TestTerraformConfluentPlatformExample 2022-07-30T19:37:11Z logger.go:66:                       - roles                    = null
TestTerraformConfluentPlatformExample 2022-07-30T19:37:11Z logger.go:66:                       - secretRef                = null
TestTerraformConfluentPlatformExample 2022-07-30T19:37:11Z logger.go:66:                     }
TestTerraformConfluentPlatformExample 2022-07-30T19:37:11Z logger.go:66:                   - ldap  = {
TestTerraformConfluentPlatformExample 2022-07-30T19:37:11Z logger.go:66:                       - debug           = null
TestTerraformConfluentPlatformExample 2022-07-30T19:37:11Z logger.go:66:                       - property        = null
TestTerraformConfluentPlatformExample 2022-07-30T19:37:11Z logger.go:66:                       - restrictedRoles = null
TestTerraformConfluentPlatformExample 2022-07-30T19:37:11Z logger.go:66:                       - roles           = null
TestTerraformConfluentPlatformExample 2022-07-30T19:37:11Z logger.go:66:                       - secretRef       = null
TestTerraformConfluentPlatformExample 2022-07-30T19:37:11Z logger.go:66:                     }
TestTerraformConfluentPlatformExample 2022-07-30T19:37:11Z logger.go:66:                   - type  = null
TestTerraformConfluentPlatformExample 2022-07-30T19:37:11Z logger.go:66:                 }
TestTerraformConfluentPlatformExample 2022-07-30T19:37:11Z logger.go:66:               - authorization                 = {
TestTerraformConfluentPlatformExample 2022-07-30T19:37:11Z logger.go:66:                   - kafkaRestClassRef = {
TestTerraformConfluentPlatformExample 2022-07-30T19:37:11Z logger.go:66:                       - name      = null
TestTerraformConfluentPlatformExample 2022-07-30T19:37:11Z logger.go:66:                       - namespace = null
TestTerraformConfluentPlatformExample 2022-07-30T19:37:11Z logger.go:66:                     }
TestTerraformConfluentPlatformExample 2022-07-30T19:37:11Z logger.go:66:                   - type              = null
TestTerraformConfluentPlatformExample 2022-07-30T19:37:11Z logger.go:66:                 }
TestTerraformConfluentPlatformExample 2022-07-30T19:37:11Z logger.go:66:               - configOverrides               = {
TestTerraformConfluentPlatformExample 2022-07-30T19:37:11Z logger.go:66:                   - jvm    = null
TestTerraformConfluentPlatformExample 2022-07-30T19:37:11Z logger.go:66:                   - log4j  = null
TestTerraformConfluentPlatformExample 2022-07-30T19:37:11Z logger.go:66:                   - server = null
TestTerraformConfluentPlatformExample 2022-07-30T19:37:11Z logger.go:66:                 }
TestTerraformConfluentPlatformExample 2022-07-30T19:37:11Z logger.go:66:               - dataVolumeCapacity            = "10Gi"
TestTerraformConfluentPlatformExample 2022-07-30T19:37:11Z logger.go:66:               - dependencies                  = {
TestTerraformConfluentPlatformExample 2022-07-30T19:37:11Z logger.go:66:                   - connect        = [
TestTerraformConfluentPlatformExample 2022-07-30T19:37:11Z logger.go:66:                       - {
TestTerraformConfluentPlatformExample 2022-07-30T19:37:11Z logger.go:66:                           - authentication = {
TestTerraformConfluentPlatformExample 2022-07-30T19:37:11Z logger.go:66:                               - basic = {
TestTerraformConfluentPlatformExample 2022-07-30T19:37:11Z logger.go:66:                                   - debug                    = null
TestTerraformConfluentPlatformExample 2022-07-30T19:37:11Z logger.go:66:                                   - directoryPathInContainer = null
TestTerraformConfluentPlatformExample 2022-07-30T19:37:11Z logger.go:66:                                   - restrictedRoles          = null
TestTerraformConfluentPlatformExample 2022-07-30T19:37:11Z logger.go:66:                                   - roles                    = null
TestTerraformConfluentPlatformExample 2022-07-30T19:37:11Z logger.go:66:                                   - secretRef                = null
TestTerraformConfluentPlatformExample 2022-07-30T19:37:11Z logger.go:66:                                 }
TestTerraformConfluentPlatformExample 2022-07-30T19:37:11Z logger.go:66:                               - type  = null
TestTerraformConfluentPlatformExample 2022-07-30T19:37:11Z logger.go:66:                             }
TestTerraformConfluentPlatformExample 2022-07-30T19:37:11Z logger.go:66:                           - name           = "connect"
TestTerraformConfluentPlatformExample 2022-07-30T19:37:11Z logger.go:66:                           - tls            = {
TestTerraformConfluentPlatformExample 2022-07-30T19:37:11Z logger.go:66:                               - directoryPathInContainer = null
TestTerraformConfluentPlatformExample 2022-07-30T19:37:11Z logger.go:66:                               - enabled                  = null
TestTerraformConfluentPlatformExample 2022-07-30T19:37:11Z logger.go:66:                               - ignoreTrustStoreConfig   = null
TestTerraformConfluentPlatformExample 2022-07-30T19:37:11Z logger.go:66:                               - jksPassword              = {
TestTerraformConfluentPlatformExample 2022-07-30T19:37:11Z logger.go:66:                                   - secretRef = null
TestTerraformConfluentPlatformExample 2022-07-30T19:37:11Z logger.go:66:                                 }
TestTerraformConfluentPlatformExample 2022-07-30T19:37:11Z logger.go:66:                               - secretRef                = null
TestTerraformConfluentPlatformExample 2022-07-30T19:37:11Z logger.go:66:                             }
TestTerraformConfluentPlatformExample 2022-07-30T19:37:11Z logger.go:66:                           - url            = "http://connect.confluent.svc.cluster.local:8083"
TestTerraformConfluentPlatformExample 2022-07-30T19:37:11Z logger.go:66:                         },
TestTerraformConfluentPlatformExample 2022-07-30T19:37:11Z logger.go:66:                     ]
TestTerraformConfluentPlatformExample 2022-07-30T19:37:11Z logger.go:66:                   - kafka          = {
TestTerraformConfluentPlatformExample 2022-07-30T19:37:11Z logger.go:66:                       - authentication    = {
TestTerraformConfluentPlatformExample 2022-07-30T19:37:11Z logger.go:66:                           - jaasConfig            = {
TestTerraformConfluentPlatformExample 2022-07-30T19:37:11Z logger.go:66:                               - secretRef = null
TestTerraformConfluentPlatformExample 2022-07-30T19:37:11Z logger.go:66:                             }
TestTerraformConfluentPlatformExample 2022-07-30T19:37:11Z logger.go:66:                           - jaasConfigPassThrough = {
TestTerraformConfluentPlatformExample 2022-07-30T19:37:11Z logger.go:66:                               - directoryPathInContainer = null
TestTerraformConfluentPlatformExample 2022-07-30T19:37:11Z logger.go:66:                               - secretRef                = null
TestTerraformConfluentPlatformExample 2022-07-30T19:37:11Z logger.go:66:                             }
TestTerraformConfluentPlatformExample 2022-07-30T19:37:11Z logger.go:66:                           - oauthbearer           = {
TestTerraformConfluentPlatformExample 2022-07-30T19:37:11Z logger.go:66:                               - directoryPathInContainer = null
TestTerraformConfluentPlatformExample 2022-07-30T19:37:11Z logger.go:66:                               - secretRef                = null
TestTerraformConfluentPlatformExample 2022-07-30T19:37:11Z logger.go:66:                             }
TestTerraformConfluentPlatformExample 2022-07-30T19:37:11Z logger.go:66:                           - type                  = null
TestTerraformConfluentPlatformExample 2022-07-30T19:37:11Z logger.go:66:                         }
TestTerraformConfluentPlatformExample 2022-07-30T19:37:11Z logger.go:66:                       - bootstrapEndpoint = null
TestTerraformConfluentPlatformExample 2022-07-30T19:37:11Z logger.go:66:                       - discovery         = {
TestTerraformConfluentPlatformExample 2022-07-30T19:37:11Z logger.go:66:                           - name      = null
TestTerraformConfluentPlatformExample 2022-07-30T19:37:11Z logger.go:66:                           - namespace = null
TestTerraformConfluentPlatformExample 2022-07-30T19:37:11Z logger.go:66:                           - secretRef = null
TestTerraformConfluentPlatformExample 2022-07-30T19:37:11Z logger.go:66:                         }
TestTerraformConfluentPlatformExample 2022-07-30T19:37:11Z logger.go:66:                       - tls               = {
TestTerraformConfluentPlatformExample 2022-07-30T19:37:11Z logger.go:66:                           - directoryPathInContainer = null
TestTerraformConfluentPlatformExample 2022-07-30T19:37:11Z logger.go:66:                           - enabled                  = null
TestTerraformConfluentPlatformExample 2022-07-30T19:37:11Z logger.go:66:                           - ignoreTrustStoreConfig   = null
TestTerraformConfluentPlatformExample 2022-07-30T19:37:11Z logger.go:66:                           - jksPassword              = {
TestTerraformConfluentPlatformExample 2022-07-30T19:37:11Z logger.go:66:                               - secretRef = null
TestTerraformConfluentPlatformExample 2022-07-30T19:37:11Z logger.go:66:                             }
TestTerraformConfluentPlatformExample 2022-07-30T19:37:11Z logger.go:66:                           - secretRef                = null
TestTerraformConfluentPlatformExample 2022-07-30T19:37:11Z logger.go:66:                         }
TestTerraformConfluentPlatformExample 2022-07-30T19:37:11Z logger.go:66:                     }
TestTerraformConfluentPlatformExample 2022-07-30T19:37:11Z logger.go:66:                   - ksqldb         = [
TestTerraformConfluentPlatformExample 2022-07-30T19:37:11Z logger.go:66:                       - {
TestTerraformConfluentPlatformExample 2022-07-30T19:37:11Z logger.go:66:                           - advertisedUrl  = null
TestTerraformConfluentPlatformExample 2022-07-30T19:37:11Z logger.go:66:                           - authentication = {
TestTerraformConfluentPlatformExample 2022-07-30T19:37:11Z logger.go:66:                               - basic = {
TestTerraformConfluentPlatformExample 2022-07-30T19:37:11Z logger.go:66:                                   - debug                    = null
TestTerraformConfluentPlatformExample 2022-07-30T19:37:11Z logger.go:66:                                   - directoryPathInContainer = null
TestTerraformConfluentPlatformExample 2022-07-30T19:37:11Z logger.go:66:                                   - restrictedRoles          = null
TestTerraformConfluentPlatformExample 2022-07-30T19:37:11Z logger.go:66:                                   - roles                    = null
TestTerraformConfluentPlatformExample 2022-07-30T19:37:11Z logger.go:66:                                   - secretRef                = null
TestTerraformConfluentPlatformExample 2022-07-30T19:37:11Z logger.go:66:                                 }
TestTerraformConfluentPlatformExample 2022-07-30T19:37:11Z logger.go:66:                               - type  = null
TestTerraformConfluentPlatformExample 2022-07-30T19:37:11Z logger.go:66:                             }
TestTerraformConfluentPlatformExample 2022-07-30T19:37:11Z logger.go:66:                           - name           = "ksqldb"
TestTerraformConfluentPlatformExample 2022-07-30T19:37:11Z logger.go:66:                           - tls            = {
TestTerraformConfluentPlatformExample 2022-07-30T19:37:11Z logger.go:66:                               - directoryPathInContainer = null
TestTerraformConfluentPlatformExample 2022-07-30T19:37:11Z logger.go:66:                               - enabled                  = null
TestTerraformConfluentPlatformExample 2022-07-30T19:37:11Z logger.go:66:                               - ignoreTrustStoreConfig   = null
TestTerraformConfluentPlatformExample 2022-07-30T19:37:11Z logger.go:66:                               - jksPassword              = {
TestTerraformConfluentPlatformExample 2022-07-30T19:37:11Z logger.go:66:                                   - secretRef = null
TestTerraformConfluentPlatformExample 2022-07-30T19:37:11Z logger.go:66:                                 }
TestTerraformConfluentPlatformExample 2022-07-30T19:37:11Z logger.go:66:                               - secretRef                = null
TestTerraformConfluentPlatformExample 2022-07-30T19:37:11Z logger.go:66:                             }
TestTerraformConfluentPlatformExample 2022-07-30T19:37:11Z logger.go:66:                           - url            = "http://ksqldb.confluent.svc.cluster.local:8088"
TestTerraformConfluentPlatformExample 2022-07-30T19:37:11Z logger.go:66:                         },
TestTerraformConfluentPlatformExample 2022-07-30T19:37:11Z logger.go:66:                     ]
TestTerraformConfluentPlatformExample 2022-07-30T19:37:11Z logger.go:66:                   - mds            = {
TestTerraformConfluentPlatformExample 2022-07-30T19:37:11Z logger.go:66:                       - authentication = {
TestTerraformConfluentPlatformExample 2022-07-30T19:37:11Z logger.go:66:                           - bearer = {
TestTerraformConfluentPlatformExample 2022-07-30T19:37:11Z logger.go:66:                               - directoryPathInContainer = null
TestTerraformConfluentPlatformExample 2022-07-30T19:37:11Z logger.go:66:                               - secretRef                = null
TestTerraformConfluentPlatformExample 2022-07-30T19:37:11Z logger.go:66:                             }
TestTerraformConfluentPlatformExample 2022-07-30T19:37:11Z logger.go:66:                           - type   = null
TestTerraformConfluentPlatformExample 2022-07-30T19:37:11Z logger.go:66:                         }
TestTerraformConfluentPlatformExample 2022-07-30T19:37:11Z logger.go:66:                       - endpoint       = null
TestTerraformConfluentPlatformExample 2022-07-30T19:37:11Z logger.go:66:                       - tls            = {
TestTerraformConfluentPlatformExample 2022-07-30T19:37:11Z logger.go:66:                           - directoryPathInContainer = null
TestTerraformConfluentPlatformExample 2022-07-30T19:37:11Z logger.go:66:                           - enabled                  = null
TestTerraformConfluentPlatformExample 2022-07-30T19:37:11Z logger.go:66:                           - ignoreTrustStoreConfig   = null
TestTerraformConfluentPlatformExample 2022-07-30T19:37:11Z logger.go:66:                           - jksPassword              = {
TestTerraformConfluentPlatformExample 2022-07-30T19:37:11Z logger.go:66:                               - secretRef = null
TestTerraformConfluentPlatformExample 2022-07-30T19:37:11Z logger.go:66:                             }
TestTerraformConfluentPlatformExample 2022-07-30T19:37:11Z logger.go:66:                           - secretRef                = null
TestTerraformConfluentPlatformExample 2022-07-30T19:37:11Z logger.go:66:                         }
TestTerraformConfluentPlatformExample 2022-07-30T19:37:11Z logger.go:66:                       - tokenKeyPair   = {
TestTerraformConfluentPlatformExample 2022-07-30T19:37:11Z logger.go:66:                           - directoryPathInContainer = null
TestTerraformConfluentPlatformExample 2022-07-30T19:37:11Z logger.go:66:                           - secretRef                = null
TestTerraformConfluentPlatformExample 2022-07-30T19:37:11Z logger.go:66:                         }
TestTerraformConfluentPlatformExample 2022-07-30T19:37:11Z logger.go:66:                     }
TestTerraformConfluentPlatformExample 2022-07-30T19:37:11Z logger.go:66:                   - schemaRegistry = {
TestTerraformConfluentPlatformExample 2022-07-30T19:37:11Z logger.go:66:                       - authentication = {
TestTerraformConfluentPlatformExample 2022-07-30T19:37:11Z logger.go:66:                           - basic = {
TestTerraformConfluentPlatformExample 2022-07-30T19:37:11Z logger.go:66:                               - debug                    = null
TestTerraformConfluentPlatformExample 2022-07-30T19:37:11Z logger.go:66:                               - directoryPathInContainer = null
TestTerraformConfluentPlatformExample 2022-07-30T19:37:11Z logger.go:66:                               - restrictedRoles          = null
TestTerraformConfluentPlatformExample 2022-07-30T19:37:11Z logger.go:66:                               - roles                    = null
TestTerraformConfluentPlatformExample 2022-07-30T19:37:11Z logger.go:66:                               - secretRef                = null
TestTerraformConfluentPlatformExample 2022-07-30T19:37:11Z logger.go:66:                             }
TestTerraformConfluentPlatformExample 2022-07-30T19:37:11Z logger.go:66:                           - type  = null
TestTerraformConfluentPlatformExample 2022-07-30T19:37:11Z logger.go:66:                         }
TestTerraformConfluentPlatformExample 2022-07-30T19:37:11Z logger.go:66:                       - clusters       = null
TestTerraformConfluentPlatformExample 2022-07-30T19:37:11Z logger.go:66:                       - tls            = {
TestTerraformConfluentPlatformExample 2022-07-30T19:37:11Z logger.go:66:                           - directoryPathInContainer = null
TestTerraformConfluentPlatformExample 2022-07-30T19:37:11Z logger.go:66:                           - enabled                  = null
TestTerraformConfluentPlatformExample 2022-07-30T19:37:11Z logger.go:66:                           - ignoreTrustStoreConfig   = null
TestTerraformConfluentPlatformExample 2022-07-30T19:37:11Z logger.go:66:                           - jksPassword              = {
TestTerraformConfluentPlatformExample 2022-07-30T19:37:11Z logger.go:66:                               - secretRef = null
TestTerraformConfluentPlatformExample 2022-07-30T19:37:11Z logger.go:66:                             }
TestTerraformConfluentPlatformExample 2022-07-30T19:37:11Z logger.go:66:                           - secretRef                = null
TestTerraformConfluentPlatformExample 2022-07-30T19:37:11Z logger.go:66:                         }
TestTerraformConfluentPlatformExample 2022-07-30T19:37:11Z logger.go:66:                       - url            = "http://schemaregistry.confluent.svc.cluster.local:8081"
TestTerraformConfluentPlatformExample 2022-07-30T19:37:11Z logger.go:66:                     }
TestTerraformConfluentPlatformExample 2022-07-30T19:37:11Z logger.go:66:                 }
TestTerraformConfluentPlatformExample 2022-07-30T19:37:11Z logger.go:66:               - externalAccess                = {
TestTerraformConfluentPlatformExample 2022-07-30T19:37:11Z logger.go:66:                   - loadBalancer = {
TestTerraformConfluentPlatformExample 2022-07-30T19:37:11Z logger.go:66:                       - advertisedURL            = {
TestTerraformConfluentPlatformExample 2022-07-30T19:37:11Z logger.go:66:                           - enabled = null
TestTerraformConfluentPlatformExample 2022-07-30T19:37:11Z logger.go:66:                           - prefix  = null
TestTerraformConfluentPlatformExample 2022-07-30T19:37:11Z logger.go:66:                         }
TestTerraformConfluentPlatformExample 2022-07-30T19:37:11Z logger.go:66:                       - annotations              = null
TestTerraformConfluentPlatformExample 2022-07-30T19:37:11Z logger.go:66:                       - domain                   = null
TestTerraformConfluentPlatformExample 2022-07-30T19:37:11Z logger.go:66:                       - externalTrafficPolicy    = null
TestTerraformConfluentPlatformExample 2022-07-30T19:37:11Z logger.go:66:                       - labels                   = null
TestTerraformConfluentPlatformExample 2022-07-30T19:37:11Z logger.go:66:                       - loadBalancerSourceRanges = null
TestTerraformConfluentPlatformExample 2022-07-30T19:37:11Z logger.go:66:                       - port                     = null
TestTerraformConfluentPlatformExample 2022-07-30T19:37:11Z logger.go:66:                       - prefix                   = null
TestTerraformConfluentPlatformExample 2022-07-30T19:37:11Z logger.go:66:                       - servicePorts             = null
TestTerraformConfluentPlatformExample 2022-07-30T19:37:11Z logger.go:66:                       - sessionAffinity          = null
TestTerraformConfluentPlatformExample 2022-07-30T19:37:11Z logger.go:66:                       - sessionAffinityConfig    = {
TestTerraformConfluentPlatformExample 2022-07-30T19:37:11Z logger.go:66:                           - clientIP = {
TestTerraformConfluentPlatformExample 2022-07-30T19:37:11Z logger.go:66:                               - timeoutSeconds = null
TestTerraformConfluentPlatformExample 2022-07-30T19:37:11Z logger.go:66:                             }
TestTerraformConfluentPlatformExample 2022-07-30T19:37:11Z logger.go:66:                         }
TestTerraformConfluentPlatformExample 2022-07-30T19:37:11Z logger.go:66:                     }
TestTerraformConfluentPlatformExample 2022-07-30T19:37:11Z logger.go:66:                   - nodePort     = {
TestTerraformConfluentPlatformExample 2022-07-30T19:37:11Z logger.go:66:                       - advertisedURL         = {
TestTerraformConfluentPlatformExample 2022-07-30T19:37:11Z logger.go:66:                           - enabled = null
TestTerraformConfluentPlatformExample 2022-07-30T19:37:11Z logger.go:66:                           - prefix  = null
TestTerraformConfluentPlatformExample 2022-07-30T19:37:11Z logger.go:66:                         }
TestTerraformConfluentPlatformExample 2022-07-30T19:37:11Z logger.go:66:                       - annotations           = null
TestTerraformConfluentPlatformExample 2022-07-30T19:37:11Z logger.go:66:                       - externalTrafficPolicy = null
TestTerraformConfluentPlatformExample 2022-07-30T19:37:11Z logger.go:66:                       - host                  = null
TestTerraformConfluentPlatformExample 2022-07-30T19:37:11Z logger.go:66:                       - labels                = null
TestTerraformConfluentPlatformExample 2022-07-30T19:37:11Z logger.go:66:                       - nodePortOffset        = null
TestTerraformConfluentPlatformExample 2022-07-30T19:37:11Z logger.go:66:                       - servicePorts          = null
TestTerraformConfluentPlatformExample 2022-07-30T19:37:11Z logger.go:66:                       - sessionAffinity       = null
TestTerraformConfluentPlatformExample 2022-07-30T19:37:11Z logger.go:66:                       - sessionAffinityConfig = {
TestTerraformConfluentPlatformExample 2022-07-30T19:37:11Z logger.go:66:                           - clientIP = {
TestTerraformConfluentPlatformExample 2022-07-30T19:37:11Z logger.go:66:                               - timeoutSeconds = null
TestTerraformConfluentPlatformExample 2022-07-30T19:37:11Z logger.go:66:                             }
TestTerraformConfluentPlatformExample 2022-07-30T19:37:11Z logger.go:66:                         }
TestTerraformConfluentPlatformExample 2022-07-30T19:37:11Z logger.go:66:                     }
TestTerraformConfluentPlatformExample 2022-07-30T19:37:11Z logger.go:66:                   - route        = {
TestTerraformConfluentPlatformExample 2022-07-30T19:37:11Z logger.go:66:                       - annotations    = null
TestTerraformConfluentPlatformExample 2022-07-30T19:37:11Z logger.go:66:                       - domain         = null
TestTerraformConfluentPlatformExample 2022-07-30T19:37:11Z logger.go:66:                       - labels         = null
TestTerraformConfluentPlatformExample 2022-07-30T19:37:11Z logger.go:66:                       - prefix         = null
TestTerraformConfluentPlatformExample 2022-07-30T19:37:11Z logger.go:66:                       - wildcardPolicy = null
TestTerraformConfluentPlatformExample 2022-07-30T19:37:11Z logger.go:66:                     }
TestTerraformConfluentPlatformExample 2022-07-30T19:37:11Z logger.go:66:                   - type         = null
TestTerraformConfluentPlatformExample 2022-07-30T19:37:11Z logger.go:66:                 }
TestTerraformConfluentPlatformExample 2022-07-30T19:37:11Z logger.go:66:               - headlessService               = {
TestTerraformConfluentPlatformExample 2022-07-30T19:37:11Z logger.go:66:                   - annotations              = null
TestTerraformConfluentPlatformExample 2022-07-30T19:37:11Z logger.go:66:                   - labels                   = null
TestTerraformConfluentPlatformExample 2022-07-30T19:37:11Z logger.go:66:                   - publishNotReadyAddresses = null
TestTerraformConfluentPlatformExample 2022-07-30T19:37:11Z logger.go:66:                 }
TestTerraformConfluentPlatformExample 2022-07-30T19:37:11Z logger.go:66:               - id                            = null
TestTerraformConfluentPlatformExample 2022-07-30T19:37:11Z logger.go:66:               - image                         = {
TestTerraformConfluentPlatformExample 2022-07-30T19:37:11Z logger.go:66:                   - application   = "confluentinc/cp-enterprise-control-center:7.2.0"
TestTerraformConfluentPlatformExample 2022-07-30T19:37:11Z logger.go:66:                   - init          = "confluentinc/confluent-init-container:2.4.0"
TestTerraformConfluentPlatformExample 2022-07-30T19:37:11Z logger.go:66:                   - pullPolicy    = null
TestTerraformConfluentPlatformExample 2022-07-30T19:37:11Z logger.go:66:                   - pullSecretRef = null
TestTerraformConfluentPlatformExample 2022-07-30T19:37:11Z logger.go:66:                 }
TestTerraformConfluentPlatformExample 2022-07-30T19:37:11Z logger.go:66:               - injectAnnotations             = null
TestTerraformConfluentPlatformExample 2022-07-30T19:37:11Z logger.go:66:               - injectLabels                  = null
TestTerraformConfluentPlatformExample 2022-07-30T19:37:11Z logger.go:66:               - internalTopicReplicatorFactor = null
TestTerraformConfluentPlatformExample 2022-07-30T19:37:11Z logger.go:66:               - k8sClusterDomain              = null
TestTerraformConfluentPlatformExample 2022-07-30T19:37:11Z logger.go:66:               - license                       = {
TestTerraformConfluentPlatformExample 2022-07-30T19:37:11Z logger.go:66:                   - directoryPathInContainer = null
TestTerraformConfluentPlatformExample 2022-07-30T19:37:11Z logger.go:66:                   - globalLicense            = null
TestTerraformConfluentPlatformExample 2022-07-30T19:37:11Z logger.go:66:                   - secretRef                = null
TestTerraformConfluentPlatformExample 2022-07-30T19:37:11Z logger.go:66:                 }
TestTerraformConfluentPlatformExample 2022-07-30T19:37:11Z logger.go:66:               - mail                          = {
TestTerraformConfluentPlatformExample 2022-07-30T19:37:11Z logger.go:66:                   - authentication      = {
TestTerraformConfluentPlatformExample 2022-07-30T19:37:11Z logger.go:66:                       - basic = {
TestTerraformConfluentPlatformExample 2022-07-30T19:37:11Z logger.go:66:                           - debug                    = null
TestTerraformConfluentPlatformExample 2022-07-30T19:37:11Z logger.go:66:                           - directoryPathInContainer = null
TestTerraformConfluentPlatformExample 2022-07-30T19:37:11Z logger.go:66:                           - restrictedRoles          = null
TestTerraformConfluentPlatformExample 2022-07-30T19:37:11Z logger.go:66:                           - roles                    = null
TestTerraformConfluentPlatformExample 2022-07-30T19:37:11Z logger.go:66:                           - secretRef                = null
TestTerraformConfluentPlatformExample 2022-07-30T19:37:11Z logger.go:66:                         }
TestTerraformConfluentPlatformExample 2022-07-30T19:37:11Z logger.go:66:                       - type  = null
TestTerraformConfluentPlatformExample 2022-07-30T19:37:11Z logger.go:66:                     }
TestTerraformConfluentPlatformExample 2022-07-30T19:37:11Z logger.go:66:                   - checkServerIdentity = null
TestTerraformConfluentPlatformExample 2022-07-30T19:37:11Z logger.go:66:                   - hostname            = null
TestTerraformConfluentPlatformExample 2022-07-30T19:37:11Z logger.go:66:                   - mailBounceAddress   = null
TestTerraformConfluentPlatformExample 2022-07-30T19:37:11Z logger.go:66:                   - mailFrom            = null
TestTerraformConfluentPlatformExample 2022-07-30T19:37:11Z logger.go:66:                   - port                = null
TestTerraformConfluentPlatformExample 2022-07-30T19:37:11Z logger.go:66:                   - startTLSRequired    = null
TestTerraformConfluentPlatformExample 2022-07-30T19:37:11Z logger.go:66:                 }
TestTerraformConfluentPlatformExample 2022-07-30T19:37:11Z logger.go:66:               - metrics                       = {
TestTerraformConfluentPlatformExample 2022-07-30T19:37:11Z logger.go:66:                   - authentication = {
TestTerraformConfluentPlatformExample 2022-07-30T19:37:11Z logger.go:66:                       - type = null
TestTerraformConfluentPlatformExample 2022-07-30T19:37:11Z logger.go:66:                     }
TestTerraformConfluentPlatformExample 2022-07-30T19:37:11Z logger.go:66:                   - prometheus     = {
TestTerraformConfluentPlatformExample 2022-07-30T19:37:11Z logger.go:66:                       - blacklist = null
TestTerraformConfluentPlatformExample 2022-07-30T19:37:11Z logger.go:66:                       - rules     = null
TestTerraformConfluentPlatformExample 2022-07-30T19:37:11Z logger.go:66:                       - whitelist = null
TestTerraformConfluentPlatformExample 2022-07-30T19:37:11Z logger.go:66:                     }
TestTerraformConfluentPlatformExample 2022-07-30T19:37:11Z logger.go:66:                   - tls            = {
TestTerraformConfluentPlatformExample 2022-07-30T19:37:11Z logger.go:66:                       - directoryPathInContainer = null
TestTerraformConfluentPlatformExample 2022-07-30T19:37:11Z logger.go:66:                       - enabled                  = null
TestTerraformConfluentPlatformExample 2022-07-30T19:37:11Z logger.go:66:                       - ignoreTrustStoreConfig   = null
TestTerraformConfluentPlatformExample 2022-07-30T19:37:11Z logger.go:66:                       - jksPassword              = {
TestTerraformConfluentPlatformExample 2022-07-30T19:37:11Z logger.go:66:                           - secretRef = null
TestTerraformConfluentPlatformExample 2022-07-30T19:37:11Z logger.go:66:                         }
TestTerraformConfluentPlatformExample 2022-07-30T19:37:11Z logger.go:66:                       - secretRef                = null
TestTerraformConfluentPlatformExample 2022-07-30T19:37:11Z logger.go:66:                     }
TestTerraformConfluentPlatformExample 2022-07-30T19:37:11Z logger.go:66:                 }
TestTerraformConfluentPlatformExample 2022-07-30T19:37:11Z logger.go:66:               - monitoringKafkaClusters       = null
TestTerraformConfluentPlatformExample 2022-07-30T19:37:11Z logger.go:66:               - mountedSecrets                = null
TestTerraformConfluentPlatformExample 2022-07-30T19:37:11Z logger.go:66:               - mountedVolumes                = {
TestTerraformConfluentPlatformExample 2022-07-30T19:37:11Z logger.go:66:                   - volumeMounts = null
TestTerraformConfluentPlatformExample 2022-07-30T19:37:11Z logger.go:66:                   - volumes      = null
TestTerraformConfluentPlatformExample 2022-07-30T19:37:11Z logger.go:66:                 }
TestTerraformConfluentPlatformExample 2022-07-30T19:37:11Z logger.go:66:               - name                          = null
TestTerraformConfluentPlatformExample 2022-07-30T19:37:11Z logger.go:66:               - oneReplicaPerNode             = null
TestTerraformConfluentPlatformExample 2022-07-30T19:37:11Z logger.go:66:               - podTemplate                   = {
TestTerraformConfluentPlatformExample 2022-07-30T19:37:11Z logger.go:66:                   - affinity                      = {
TestTerraformConfluentPlatformExample 2022-07-30T19:37:11Z logger.go:66:                       - nodeAffinity    = {
TestTerraformConfluentPlatformExample 2022-07-30T19:37:11Z logger.go:66:                           - preferredDuringSchedulingIgnoredDuringExecution = null
TestTerraformConfluentPlatformExample 2022-07-30T19:37:11Z logger.go:66:                           - requiredDuringSchedulingIgnoredDuringExecution  = {
TestTerraformConfluentPlatformExample 2022-07-30T19:37:11Z logger.go:66:                               - nodeSelectorTerms = null
TestTerraformConfluentPlatformExample 2022-07-30T19:37:11Z logger.go:66:                             }
TestTerraformConfluentPlatformExample 2022-07-30T19:37:11Z logger.go:66:                         }
TestTerraformConfluentPlatformExample 2022-07-30T19:37:11Z logger.go:66:                       - podAffinity     = {
TestTerraformConfluentPlatformExample 2022-07-30T19:37:11Z logger.go:66:                           - preferredDuringSchedulingIgnoredDuringExecution = null
TestTerraformConfluentPlatformExample 2022-07-30T19:37:11Z logger.go:66:                           - requiredDuringSchedulingIgnoredDuringExecution  = null
TestTerraformConfluentPlatformExample 2022-07-30T19:37:11Z logger.go:66:                         }
TestTerraformConfluentPlatformExample 2022-07-30T19:37:11Z logger.go:66:                       - podAntiAffinity = {
TestTerraformConfluentPlatformExample 2022-07-30T19:37:11Z logger.go:66:                           - preferredDuringSchedulingIgnoredDuringExecution = null
TestTerraformConfluentPlatformExample 2022-07-30T19:37:11Z logger.go:66:                           - requiredDuringSchedulingIgnoredDuringExecution  = null
TestTerraformConfluentPlatformExample 2022-07-30T19:37:11Z logger.go:66:                         }
TestTerraformConfluentPlatformExample 2022-07-30T19:37:11Z logger.go:66:                     }
TestTerraformConfluentPlatformExample 2022-07-30T19:37:11Z logger.go:66:                   - annotations                   = null
TestTerraformConfluentPlatformExample 2022-07-30T19:37:11Z logger.go:66:                   - envVars                       = null
TestTerraformConfluentPlatformExample 2022-07-30T19:37:11Z logger.go:66:                   - labels                        = null
TestTerraformConfluentPlatformExample 2022-07-30T19:37:11Z logger.go:66:                   - podSecurityContext            = {
TestTerraformConfluentPlatformExample 2022-07-30T19:37:11Z logger.go:66:                       - fsGroup             = null
TestTerraformConfluentPlatformExample 2022-07-30T19:37:11Z logger.go:66:                       - fsGroupChangePolicy = null
TestTerraformConfluentPlatformExample 2022-07-30T19:37:11Z logger.go:66:                       - runAsGroup          = null
TestTerraformConfluentPlatformExample 2022-07-30T19:37:11Z logger.go:66:                       - runAsNonRoot        = null
TestTerraformConfluentPlatformExample 2022-07-30T19:37:11Z logger.go:66:                       - runAsUser           = null
TestTerraformConfluentPlatformExample 2022-07-30T19:37:11Z logger.go:66:                       - seLinuxOptions      = {
TestTerraformConfluentPlatformExample 2022-07-30T19:37:11Z logger.go:66:                           - level = null
TestTerraformConfluentPlatformExample 2022-07-30T19:37:11Z logger.go:66:                           - role  = null
TestTerraformConfluentPlatformExample 2022-07-30T19:37:11Z logger.go:66:                           - type  = null
TestTerraformConfluentPlatformExample 2022-07-30T19:37:11Z logger.go:66:                           - user  = null
TestTerraformConfluentPlatformExample 2022-07-30T19:37:11Z logger.go:66:                         }
TestTerraformConfluentPlatformExample 2022-07-30T19:37:11Z logger.go:66:                       - seccompProfile      = {
TestTerraformConfluentPlatformExample 2022-07-30T19:37:11Z logger.go:66:                           - localhostProfile = null
TestTerraformConfluentPlatformExample 2022-07-30T19:37:11Z logger.go:66:                           - type             = null
TestTerraformConfluentPlatformExample 2022-07-30T19:37:11Z logger.go:66:                         }
TestTerraformConfluentPlatformExample 2022-07-30T19:37:11Z logger.go:66:                       - supplementalGroups  = null
TestTerraformConfluentPlatformExample 2022-07-30T19:37:11Z logger.go:66:                       - sysctls             = null
TestTerraformConfluentPlatformExample 2022-07-30T19:37:11Z logger.go:66:                       - windowsOptions      = {
TestTerraformConfluentPlatformExample 2022-07-30T19:37:11Z logger.go:66:                           - gmsaCredentialSpec     = null
TestTerraformConfluentPlatformExample 2022-07-30T19:37:11Z logger.go:66:                           - gmsaCredentialSpecName = null
TestTerraformConfluentPlatformExample 2022-07-30T19:37:11Z logger.go:66:                           - hostProcess            = null
TestTerraformConfluentPlatformExample 2022-07-30T19:37:11Z logger.go:66:                           - runAsUserName          = null
TestTerraformConfluentPlatformExample 2022-07-30T19:37:11Z logger.go:66:                         }
TestTerraformConfluentPlatformExample 2022-07-30T19:37:11Z logger.go:66:                     }
TestTerraformConfluentPlatformExample 2022-07-30T19:37:11Z logger.go:66:                   - priorityClassName             = null
TestTerraformConfluentPlatformExample 2022-07-30T19:37:11Z logger.go:66:                   - probe                         = {
TestTerraformConfluentPlatformExample 2022-07-30T19:37:11Z logger.go:66:                       - liveness  = {
TestTerraformConfluentPlatformExample 2022-07-30T19:37:11Z logger.go:66:                           - failureThreshold    = null
TestTerraformConfluentPlatformExample 2022-07-30T19:37:11Z logger.go:66:                           - initialDelaySeconds = null
TestTerraformConfluentPlatformExample 2022-07-30T19:37:11Z logger.go:66:                           - periodSeconds       = null
TestTerraformConfluentPlatformExample 2022-07-30T19:37:11Z logger.go:66:                           - successThreshold    = null
TestTerraformConfluentPlatformExample 2022-07-30T19:37:11Z logger.go:66:                           - timeoutSeconds      = null
TestTerraformConfluentPlatformExample 2022-07-30T19:37:11Z logger.go:66:                         }
TestTerraformConfluentPlatformExample 2022-07-30T19:37:11Z logger.go:66:                       - readiness = {
TestTerraformConfluentPlatformExample 2022-07-30T19:37:11Z logger.go:66:                           - failureThreshold    = null
TestTerraformConfluentPlatformExample 2022-07-30T19:37:11Z logger.go:66:                           - initialDelaySeconds = null
TestTerraformConfluentPlatformExample 2022-07-30T19:37:11Z logger.go:66:                           - periodSeconds       = null
TestTerraformConfluentPlatformExample 2022-07-30T19:37:11Z logger.go:66:                           - successThreshold    = null
TestTerraformConfluentPlatformExample 2022-07-30T19:37:11Z logger.go:66:                           - timeoutSeconds      = null
TestTerraformConfluentPlatformExample 2022-07-30T19:37:11Z logger.go:66:                         }
TestTerraformConfluentPlatformExample 2022-07-30T19:37:11Z logger.go:66:                     }
TestTerraformConfluentPlatformExample 2022-07-30T19:37:11Z logger.go:66:                   - resources                     = {
TestTerraformConfluentPlatformExample 2022-07-30T19:37:11Z logger.go:66:                       - limits   = null
TestTerraformConfluentPlatformExample 2022-07-30T19:37:11Z logger.go:66:                       - requests = null
TestTerraformConfluentPlatformExample 2022-07-30T19:37:11Z logger.go:66:                     }
TestTerraformConfluentPlatformExample 2022-07-30T19:37:11Z logger.go:66:                   - securityContext               = {
TestTerraformConfluentPlatformExample 2022-07-30T19:37:11Z logger.go:66:                       - allowPrivilegeEscalation = null
TestTerraformConfluentPlatformExample 2022-07-30T19:37:11Z logger.go:66:                       - capabilities             = {
TestTerraformConfluentPlatformExample 2022-07-30T19:37:11Z logger.go:66:                           - add  = null
TestTerraformConfluentPlatformExample 2022-07-30T19:37:11Z logger.go:66:                           - drop = null
TestTerraformConfluentPlatformExample 2022-07-30T19:37:11Z logger.go:66:                         }
TestTerraformConfluentPlatformExample 2022-07-30T19:37:11Z logger.go:66:                       - privileged               = null
TestTerraformConfluentPlatformExample 2022-07-30T19:37:11Z logger.go:66:                       - procMount                = null
TestTerraformConfluentPlatformExample 2022-07-30T19:37:11Z logger.go:66:                       - readOnlyRootFilesystem   = null
TestTerraformConfluentPlatformExample 2022-07-30T19:37:11Z logger.go:66:                       - runAsGroup               = null
TestTerraformConfluentPlatformExample 2022-07-30T19:37:11Z logger.go:66:                       - runAsNonRoot             = null
TestTerraformConfluentPlatformExample 2022-07-30T19:37:11Z logger.go:66:                       - runAsUser                = null
TestTerraformConfluentPlatformExample 2022-07-30T19:37:11Z logger.go:66:                       - seLinuxOptions           = {
TestTerraformConfluentPlatformExample 2022-07-30T19:37:11Z logger.go:66:                           - level = null
TestTerraformConfluentPlatformExample 2022-07-30T19:37:11Z logger.go:66:                           - role  = null
TestTerraformConfluentPlatformExample 2022-07-30T19:37:11Z logger.go:66:                           - type  = null
TestTerraformConfluentPlatformExample 2022-07-30T19:37:11Z logger.go:66:                           - user  = null
TestTerraformConfluentPlatformExample 2022-07-30T19:37:11Z logger.go:66:                         }
TestTerraformConfluentPlatformExample 2022-07-30T19:37:11Z logger.go:66:                       - seccompProfile           = {
TestTerraformConfluentPlatformExample 2022-07-30T19:37:11Z logger.go:66:                           - localhostProfile = null
TestTerraformConfluentPlatformExample 2022-07-30T19:37:11Z logger.go:66:                           - type             = null
TestTerraformConfluentPlatformExample 2022-07-30T19:37:11Z logger.go:66:                         }
TestTerraformConfluentPlatformExample 2022-07-30T19:37:11Z logger.go:66:                       - windowsOptions           = {
TestTerraformConfluentPlatformExample 2022-07-30T19:37:11Z logger.go:66:                           - gmsaCredentialSpec     = null
TestTerraformConfluentPlatformExample 2022-07-30T19:37:11Z logger.go:66:                           - gmsaCredentialSpecName = null
TestTerraformConfluentPlatformExample 2022-07-30T19:37:11Z logger.go:66:                           - hostProcess            = null
TestTerraformConfluentPlatformExample 2022-07-30T19:37:11Z logger.go:66:                           - runAsUserName          = null
TestTerraformConfluentPlatformExample 2022-07-30T19:37:11Z logger.go:66:                         }
TestTerraformConfluentPlatformExample 2022-07-30T19:37:11Z logger.go:66:                     }
TestTerraformConfluentPlatformExample 2022-07-30T19:37:11Z logger.go:66:                   - serviceAccountName            = null
TestTerraformConfluentPlatformExample 2022-07-30T19:37:11Z logger.go:66:                   - terminationGracePeriodSeconds = null
TestTerraformConfluentPlatformExample 2022-07-30T19:37:11Z logger.go:66:                   - tolerations                   = null
TestTerraformConfluentPlatformExample 2022-07-30T19:37:11Z logger.go:66:                   - topologySpreadConstraints     = null
TestTerraformConfluentPlatformExample 2022-07-30T19:37:11Z logger.go:66:                 }
TestTerraformConfluentPlatformExample 2022-07-30T19:37:11Z logger.go:66:               - replicas                      = 1
TestTerraformConfluentPlatformExample 2022-07-30T19:37:11Z logger.go:66:               - storageClass                  = {
TestTerraformConfluentPlatformExample 2022-07-30T19:37:11Z logger.go:66:                   - name = null
TestTerraformConfluentPlatformExample 2022-07-30T19:37:11Z logger.go:66:                 }
TestTerraformConfluentPlatformExample 2022-07-30T19:37:11Z logger.go:66:               - telemetry                     = {
TestTerraformConfluentPlatformExample 2022-07-30T19:37:11Z logger.go:66:                   - global = null
TestTerraformConfluentPlatformExample 2022-07-30T19:37:11Z logger.go:66:                 }
TestTerraformConfluentPlatformExample 2022-07-30T19:37:11Z logger.go:66:               - tls                           = {
TestTerraformConfluentPlatformExample 2022-07-30T19:37:11Z logger.go:66:                   - autoGeneratedCerts       = null
TestTerraformConfluentPlatformExample 2022-07-30T19:37:11Z logger.go:66:                   - directoryPathInContainer = null
TestTerraformConfluentPlatformExample 2022-07-30T19:37:11Z logger.go:66:                   - ignoreTrustStoreConfig   = null
TestTerraformConfluentPlatformExample 2022-07-30T19:37:11Z logger.go:66:                   - jksPassword              = {
TestTerraformConfluentPlatformExample 2022-07-30T19:37:11Z logger.go:66:                       - secretRef = null
TestTerraformConfluentPlatformExample 2022-07-30T19:37:11Z logger.go:66:                     }
TestTerraformConfluentPlatformExample 2022-07-30T19:37:11Z logger.go:66:                   - secretRef                = null
TestTerraformConfluentPlatformExample 2022-07-30T19:37:11Z logger.go:66:                 }
TestTerraformConfluentPlatformExample 2022-07-30T19:37:11Z logger.go:66:             }
TestTerraformConfluentPlatformExample 2022-07-30T19:37:11Z logger.go:66:         } -> null
TestTerraformConfluentPlatformExample 2022-07-30T19:37:11Z logger.go:66:
TestTerraformConfluentPlatformExample 2022-07-30T19:37:11Z logger.go:66:       - timeouts {
TestTerraformConfluentPlatformExample 2022-07-30T19:37:11Z logger.go:66:           - create = "1h" -> null
TestTerraformConfluentPlatformExample 2022-07-30T19:37:11Z logger.go:66:           - delete = "10m" -> null
TestTerraformConfluentPlatformExample 2022-07-30T19:37:11Z logger.go:66:           - update = "1h" -> null
TestTerraformConfluentPlatformExample 2022-07-30T19:37:11Z logger.go:66:         }
TestTerraformConfluentPlatformExample 2022-07-30T19:37:11Z logger.go:66:
TestTerraformConfluentPlatformExample 2022-07-30T19:37:11Z logger.go:66:       - wait {
TestTerraformConfluentPlatformExample 2022-07-30T19:37:11Z logger.go:66:           - fields = {
TestTerraformConfluentPlatformExample 2022-07-30T19:37:11Z logger.go:66:               - "status.phase" = "RUNNING"
TestTerraformConfluentPlatformExample 2022-07-30T19:37:11Z logger.go:66:             } -> null
TestTerraformConfluentPlatformExample 2022-07-30T19:37:11Z logger.go:66:         }
TestTerraformConfluentPlatformExample 2022-07-30T19:37:11Z logger.go:66:     }
TestTerraformConfluentPlatformExample 2022-07-30T19:37:11Z logger.go:66:
TestTerraformConfluentPlatformExample 2022-07-30T19:37:11Z logger.go:66:   # module.confluent_platform.kubernetes_manifest.component["kafka"] will be destroyed
TestTerraformConfluentPlatformExample 2022-07-30T19:37:11Z logger.go:66:   - resource "kubernetes_manifest" "component" {
TestTerraformConfluentPlatformExample 2022-07-30T19:37:11Z logger.go:66:       - computed_fields = [
TestTerraformConfluentPlatformExample 2022-07-30T19:37:11Z logger.go:66:           - "metadata.finalizers",
TestTerraformConfluentPlatformExample 2022-07-30T19:37:11Z logger.go:66:         ] -> null
TestTerraformConfluentPlatformExample 2022-07-30T19:37:11Z logger.go:66:       - manifest        = {
TestTerraformConfluentPlatformExample 2022-07-30T19:37:11Z logger.go:66:           - apiVersion = "platform.confluent.io/v1beta1"
TestTerraformConfluentPlatformExample 2022-07-30T19:37:11Z logger.go:66:           - kind       = "Kafka"
TestTerraformConfluentPlatformExample 2022-07-30T19:37:11Z logger.go:66:           - metadata   = {
TestTerraformConfluentPlatformExample 2022-07-30T19:37:11Z logger.go:66:               - name      = "kafka"
TestTerraformConfluentPlatformExample 2022-07-30T19:37:11Z logger.go:66:               - namespace = "confluent"
TestTerraformConfluentPlatformExample 2022-07-30T19:37:11Z logger.go:66:             }
TestTerraformConfluentPlatformExample 2022-07-30T19:37:11Z logger.go:66:           - spec       = {
TestTerraformConfluentPlatformExample 2022-07-30T19:37:11Z logger.go:66:               - dataVolumeCapacity = "10Gi"
TestTerraformConfluentPlatformExample 2022-07-30T19:37:11Z logger.go:66:               - image              = {
TestTerraformConfluentPlatformExample 2022-07-30T19:37:11Z logger.go:66:                   - application = "confluentinc/cp-server:7.2.0"
TestTerraformConfluentPlatformExample 2022-07-30T19:37:11Z logger.go:66:                   - init        = "confluentinc/confluent-init-container:2.4.0"
TestTerraformConfluentPlatformExample 2022-07-30T19:37:11Z logger.go:66:                 }
TestTerraformConfluentPlatformExample 2022-07-30T19:37:11Z logger.go:66:               - metricReporter     = {
TestTerraformConfluentPlatformExample 2022-07-30T19:37:11Z logger.go:66:                   - enabled = true
TestTerraformConfluentPlatformExample 2022-07-30T19:37:11Z logger.go:66:                 }
TestTerraformConfluentPlatformExample 2022-07-30T19:37:11Z logger.go:66:               - replicas           = 3
TestTerraformConfluentPlatformExample 2022-07-30T19:37:11Z logger.go:66:             }
TestTerraformConfluentPlatformExample 2022-07-30T19:37:11Z logger.go:66:         } -> null
TestTerraformConfluentPlatformExample 2022-07-30T19:37:11Z logger.go:66:       - object          = {
TestTerraformConfluentPlatformExample 2022-07-30T19:37:11Z logger.go:66:           - apiVersion = "platform.confluent.io/v1beta1"
TestTerraformConfluentPlatformExample 2022-07-30T19:37:11Z logger.go:66:           - kind       = "Kafka"
TestTerraformConfluentPlatformExample 2022-07-30T19:37:11Z logger.go:66:           - metadata   = {
TestTerraformConfluentPlatformExample 2022-07-30T19:37:11Z logger.go:66:               - annotations                = {
TestTerraformConfluentPlatformExample 2022-07-30T19:37:11Z logger.go:66:                   - "platform.confluent.io/config-revision-hash"   = "t2bgf92bkh"
TestTerraformConfluentPlatformExample 2022-07-30T19:37:11Z logger.go:66:                   - "platform.confluent.io/last-pod-template-hash" = "c5dd99557"
TestTerraformConfluentPlatformExample 2022-07-30T19:37:11Z logger.go:66:                 }
TestTerraformConfluentPlatformExample 2022-07-30T19:37:11Z logger.go:66:               - clusterName                = null
TestTerraformConfluentPlatformExample 2022-07-30T19:37:11Z logger.go:66:               - creationTimestamp          = null
TestTerraformConfluentPlatformExample 2022-07-30T19:37:11Z logger.go:66:               - deletionGracePeriodSeconds = null
TestTerraformConfluentPlatformExample 2022-07-30T19:37:11Z logger.go:66:               - deletionTimestamp          = null
TestTerraformConfluentPlatformExample 2022-07-30T19:37:11Z logger.go:66:               - finalizers                 = [
TestTerraformConfluentPlatformExample 2022-07-30T19:37:11Z logger.go:66:                   - "kafka.finalizers.platform.confluent.io",
TestTerraformConfluentPlatformExample 2022-07-30T19:37:11Z logger.go:66:                 ]
TestTerraformConfluentPlatformExample 2022-07-30T19:37:11Z logger.go:66:               - generateName               = null
TestTerraformConfluentPlatformExample 2022-07-30T19:37:11Z logger.go:66:               - generation                 = null
TestTerraformConfluentPlatformExample 2022-07-30T19:37:11Z logger.go:66:               - labels                     = null
TestTerraformConfluentPlatformExample 2022-07-30T19:37:11Z logger.go:66:               - managedFields              = null
TestTerraformConfluentPlatformExample 2022-07-30T19:37:11Z logger.go:66:               - name                       = "kafka"
TestTerraformConfluentPlatformExample 2022-07-30T19:37:11Z logger.go:66:               - namespace                  = "confluent"
TestTerraformConfluentPlatformExample 2022-07-30T19:37:11Z logger.go:66:               - ownerReferences            = null
TestTerraformConfluentPlatformExample 2022-07-30T19:37:11Z logger.go:66:               - resourceVersion            = null
TestTerraformConfluentPlatformExample 2022-07-30T19:37:11Z logger.go:66:               - selfLink                   = null
TestTerraformConfluentPlatformExample 2022-07-30T19:37:11Z logger.go:66:               - uid                        = null
TestTerraformConfluentPlatformExample 2022-07-30T19:37:11Z logger.go:66:             }
TestTerraformConfluentPlatformExample 2022-07-30T19:37:11Z logger.go:66:           - spec       = {
TestTerraformConfluentPlatformExample 2022-07-30T19:37:11Z logger.go:66:               - authorization      = {
TestTerraformConfluentPlatformExample 2022-07-30T19:37:11Z logger.go:66:                   - superUsers = null
TestTerraformConfluentPlatformExample 2022-07-30T19:37:11Z logger.go:66:                   - type       = null
TestTerraformConfluentPlatformExample 2022-07-30T19:37:11Z logger.go:66:                 }
TestTerraformConfluentPlatformExample 2022-07-30T19:37:11Z logger.go:66:               - configOverrides    = {
TestTerraformConfluentPlatformExample 2022-07-30T19:37:11Z logger.go:66:                   - jvm    = null
TestTerraformConfluentPlatformExample 2022-07-30T19:37:11Z logger.go:66:                   - log4j  = null
TestTerraformConfluentPlatformExample 2022-07-30T19:37:11Z logger.go:66:                   - server = null
TestTerraformConfluentPlatformExample 2022-07-30T19:37:11Z logger.go:66:                 }
TestTerraformConfluentPlatformExample 2022-07-30T19:37:11Z logger.go:66:               - dataVolumeCapacity = "10Gi"
TestTerraformConfluentPlatformExample 2022-07-30T19:37:11Z logger.go:66:               - dependencies       = {
TestTerraformConfluentPlatformExample 2022-07-30T19:37:11Z logger.go:66:                   - kafkaRest      = {
TestTerraformConfluentPlatformExample 2022-07-30T19:37:11Z logger.go:66:                       - authentication    = {
TestTerraformConfluentPlatformExample 2022-07-30T19:37:11Z logger.go:66:                           - bearer                = {
TestTerraformConfluentPlatformExample 2022-07-30T19:37:11Z logger.go:66:                               - directoryPathInContainer = null
TestTerraformConfluentPlatformExample 2022-07-30T19:37:11Z logger.go:66:                               - secretRef                = null
TestTerraformConfluentPlatformExample 2022-07-30T19:37:11Z logger.go:66:                             }
TestTerraformConfluentPlatformExample 2022-07-30T19:37:11Z logger.go:66:                           - jaasConfig            = {
TestTerraformConfluentPlatformExample 2022-07-30T19:37:11Z logger.go:66:                               - secretRef = null
TestTerraformConfluentPlatformExample 2022-07-30T19:37:11Z logger.go:66:                             }
TestTerraformConfluentPlatformExample 2022-07-30T19:37:11Z logger.go:66:                           - jaasConfigPassThrough = {
TestTerraformConfluentPlatformExample 2022-07-30T19:37:11Z logger.go:66:                               - directoryPathInContainer = null
TestTerraformConfluentPlatformExample 2022-07-30T19:37:11Z logger.go:66:                               - secretRef                = null
TestTerraformConfluentPlatformExample 2022-07-30T19:37:11Z logger.go:66:                             }
TestTerraformConfluentPlatformExample 2022-07-30T19:37:11Z logger.go:66:                           - oauthbearer           = {
TestTerraformConfluentPlatformExample 2022-07-30T19:37:11Z logger.go:66:                               - directoryPathInContainer = null
TestTerraformConfluentPlatformExample 2022-07-30T19:37:11Z logger.go:66:                               - secretRef                = null
TestTerraformConfluentPlatformExample 2022-07-30T19:37:11Z logger.go:66:                             }
TestTerraformConfluentPlatformExample 2022-07-30T19:37:11Z logger.go:66:                           - type                  = null
TestTerraformConfluentPlatformExample 2022-07-30T19:37:11Z logger.go:66:                         }
TestTerraformConfluentPlatformExample 2022-07-30T19:37:11Z logger.go:66:                       - bootstrapEndpoint = null
TestTerraformConfluentPlatformExample 2022-07-30T19:37:11Z logger.go:66:                       - endpoint          = null
TestTerraformConfluentPlatformExample 2022-07-30T19:37:11Z logger.go:66:                       - tls               = {
TestTerraformConfluentPlatformExample 2022-07-30T19:37:11Z logger.go:66:                           - directoryPathInContainer = null
TestTerraformConfluentPlatformExample 2022-07-30T19:37:11Z logger.go:66:                           - enabled                  = null
TestTerraformConfluentPlatformExample 2022-07-30T19:37:11Z logger.go:66:                           - ignoreTrustStoreConfig   = null
TestTerraformConfluentPlatformExample 2022-07-30T19:37:11Z logger.go:66:                           - jksPassword              = {
TestTerraformConfluentPlatformExample 2022-07-30T19:37:11Z logger.go:66:                               - secretRef = null
TestTerraformConfluentPlatformExample 2022-07-30T19:37:11Z logger.go:66:                             }
TestTerraformConfluentPlatformExample 2022-07-30T19:37:11Z logger.go:66:                           - secretRef                = null
TestTerraformConfluentPlatformExample 2022-07-30T19:37:11Z logger.go:66:                         }
TestTerraformConfluentPlatformExample 2022-07-30T19:37:11Z logger.go:66:                     }
TestTerraformConfluentPlatformExample 2022-07-30T19:37:11Z logger.go:66:                   - mds            = {
TestTerraformConfluentPlatformExample 2022-07-30T19:37:11Z logger.go:66:                       - endpoint     = null
TestTerraformConfluentPlatformExample 2022-07-30T19:37:11Z logger.go:66:                       - kafka        = {
TestTerraformConfluentPlatformExample 2022-07-30T19:37:11Z logger.go:66:                           - authentication    = {
TestTerraformConfluentPlatformExample 2022-07-30T19:37:11Z logger.go:66:                               - jaasConfig            = {
TestTerraformConfluentPlatformExample 2022-07-30T19:37:11Z logger.go:66:                                   - secretRef = null
TestTerraformConfluentPlatformExample 2022-07-30T19:37:11Z logger.go:66:                                 }
TestTerraformConfluentPlatformExample 2022-07-30T19:37:11Z logger.go:66:                               - jaasConfigPassThrough = {
TestTerraformConfluentPlatformExample 2022-07-30T19:37:11Z logger.go:66:                                   - directoryPathInContainer = null
TestTerraformConfluentPlatformExample 2022-07-30T19:37:11Z logger.go:66:                                   - secretRef                = null
TestTerraformConfluentPlatformExample 2022-07-30T19:37:11Z logger.go:66:                                 }
TestTerraformConfluentPlatformExample 2022-07-30T19:37:11Z logger.go:66:                               - oauthbearer           = {
TestTerraformConfluentPlatformExample 2022-07-30T19:37:11Z logger.go:66:                                   - directoryPathInContainer = null
TestTerraformConfluentPlatformExample 2022-07-30T19:37:11Z logger.go:66:                                   - secretRef                = null
TestTerraformConfluentPlatformExample 2022-07-30T19:37:11Z logger.go:66:                                 }
TestTerraformConfluentPlatformExample 2022-07-30T19:37:11Z logger.go:66:                               - type                  = null
TestTerraformConfluentPlatformExample 2022-07-30T19:37:11Z logger.go:66:                             }
TestTerraformConfluentPlatformExample 2022-07-30T19:37:11Z logger.go:66:                           - bootstrapEndpoint = null
TestTerraformConfluentPlatformExample 2022-07-30T19:37:11Z logger.go:66:                           - discovery         = {
TestTerraformConfluentPlatformExample 2022-07-30T19:37:11Z logger.go:66:                               - name      = null
TestTerraformConfluentPlatformExample 2022-07-30T19:37:11Z logger.go:66:                               - namespace = null
TestTerraformConfluentPlatformExample 2022-07-30T19:37:11Z logger.go:66:                               - secretRef = null
TestTerraformConfluentPlatformExample 2022-07-30T19:37:11Z logger.go:66:                             }
TestTerraformConfluentPlatformExample 2022-07-30T19:37:11Z logger.go:66:                           - tls               = {
TestTerraformConfluentPlatformExample 2022-07-30T19:37:11Z logger.go:66:                               - directoryPathInContainer = null
TestTerraformConfluentPlatformExample 2022-07-30T19:37:11Z logger.go:66:                               - enabled                  = null
TestTerraformConfluentPlatformExample 2022-07-30T19:37:11Z logger.go:66:                               - ignoreTrustStoreConfig   = null
TestTerraformConfluentPlatformExample 2022-07-30T19:37:11Z logger.go:66:                               - jksPassword              = {
TestTerraformConfluentPlatformExample 2022-07-30T19:37:11Z logger.go:66:                                   - secretRef = null
TestTerraformConfluentPlatformExample 2022-07-30T19:37:11Z logger.go:66:                                 }
TestTerraformConfluentPlatformExample 2022-07-30T19:37:11Z logger.go:66:                               - secretRef                = null
TestTerraformConfluentPlatformExample 2022-07-30T19:37:11Z logger.go:66:                             }
TestTerraformConfluentPlatformExample 2022-07-30T19:37:11Z logger.go:66:                         }
TestTerraformConfluentPlatformExample 2022-07-30T19:37:11Z logger.go:66:                       - tls          = {
TestTerraformConfluentPlatformExample 2022-07-30T19:37:11Z logger.go:66:                           - directoryPathInContainer = null
TestTerraformConfluentPlatformExample 2022-07-30T19:37:11Z logger.go:66:                           - enabled                  = null
TestTerraformConfluentPlatformExample 2022-07-30T19:37:11Z logger.go:66:                           - ignoreTrustStoreConfig   = null
TestTerraformConfluentPlatformExample 2022-07-30T19:37:11Z logger.go:66:                           - jksPassword              = {
TestTerraformConfluentPlatformExample 2022-07-30T19:37:11Z logger.go:66:                               - secretRef = null
TestTerraformConfluentPlatformExample 2022-07-30T19:37:11Z logger.go:66:                             }
TestTerraformConfluentPlatformExample 2022-07-30T19:37:11Z logger.go:66:                           - secretRef                = null
TestTerraformConfluentPlatformExample 2022-07-30T19:37:11Z logger.go:66:                         }
TestTerraformConfluentPlatformExample 2022-07-30T19:37:11Z logger.go:66:                       - tokenKeyPair = {
TestTerraformConfluentPlatformExample 2022-07-30T19:37:11Z logger.go:66:                           - directoryPathInContainer = null
TestTerraformConfluentPlatformExample 2022-07-30T19:37:11Z logger.go:66:                           - secretRef                = null
TestTerraformConfluentPlatformExample 2022-07-30T19:37:11Z logger.go:66:                         }
TestTerraformConfluentPlatformExample 2022-07-30T19:37:11Z logger.go:66:                     }
TestTerraformConfluentPlatformExample 2022-07-30T19:37:11Z logger.go:66:                   - schemaRegistry = {
TestTerraformConfluentPlatformExample 2022-07-30T19:37:11Z logger.go:66:                       - authentication = {
TestTerraformConfluentPlatformExample 2022-07-30T19:37:11Z logger.go:66:                           - basic = {
TestTerraformConfluentPlatformExample 2022-07-30T19:37:11Z logger.go:66:                               - debug                    = null
TestTerraformConfluentPlatformExample 2022-07-30T19:37:11Z logger.go:66:                               - directoryPathInContainer = null
TestTerraformConfluentPlatformExample 2022-07-30T19:37:11Z logger.go:66:                               - restrictedRoles          = null
TestTerraformConfluentPlatformExample 2022-07-30T19:37:11Z logger.go:66:                               - roles                    = null
TestTerraformConfluentPlatformExample 2022-07-30T19:37:11Z logger.go:66:                               - secretRef                = null
TestTerraformConfluentPlatformExample 2022-07-30T19:37:11Z logger.go:66:                             }
TestTerraformConfluentPlatformExample 2022-07-30T19:37:11Z logger.go:66:                           - type  = null
TestTerraformConfluentPlatformExample 2022-07-30T19:37:11Z logger.go:66:                         }
TestTerraformConfluentPlatformExample 2022-07-30T19:37:11Z logger.go:66:                       - tls            = {
TestTerraformConfluentPlatformExample 2022-07-30T19:37:11Z logger.go:66:                           - directoryPathInContainer = null
TestTerraformConfluentPlatformExample 2022-07-30T19:37:11Z logger.go:66:                           - enabled                  = null
TestTerraformConfluentPlatformExample 2022-07-30T19:37:11Z logger.go:66:                           - ignoreTrustStoreConfig   = null
TestTerraformConfluentPlatformExample 2022-07-30T19:37:11Z logger.go:66:                           - jksPassword              = {
TestTerraformConfluentPlatformExample 2022-07-30T19:37:11Z logger.go:66:                               - secretRef = null
TestTerraformConfluentPlatformExample 2022-07-30T19:37:11Z logger.go:66:                             }
TestTerraformConfluentPlatformExample 2022-07-30T19:37:11Z logger.go:66:                           - secretRef                = null
TestTerraformConfluentPlatformExample 2022-07-30T19:37:11Z logger.go:66:                         }
TestTerraformConfluentPlatformExample 2022-07-30T19:37:11Z logger.go:66:                       - url            = null
TestTerraformConfluentPlatformExample 2022-07-30T19:37:11Z logger.go:66:                     }
TestTerraformConfluentPlatformExample 2022-07-30T19:37:11Z logger.go:66:                   - zookeeper      = {
TestTerraformConfluentPlatformExample 2022-07-30T19:37:11Z logger.go:66:                       - authentication = {
TestTerraformConfluentPlatformExample 2022-07-30T19:37:11Z logger.go:66:                           - jaasConfig            = {
TestTerraformConfluentPlatformExample 2022-07-30T19:37:11Z logger.go:66:                               - secretRef = null
TestTerraformConfluentPlatformExample 2022-07-30T19:37:11Z logger.go:66:                             }
TestTerraformConfluentPlatformExample 2022-07-30T19:37:11Z logger.go:66:                           - jaasConfigPassThrough = {
TestTerraformConfluentPlatformExample 2022-07-30T19:37:11Z logger.go:66:                               - directoryPathInContainer = null
TestTerraformConfluentPlatformExample 2022-07-30T19:37:11Z logger.go:66:                               - secretRef                = null
TestTerraformConfluentPlatformExample 2022-07-30T19:37:11Z logger.go:66:                             }
TestTerraformConfluentPlatformExample 2022-07-30T19:37:11Z logger.go:66:                           - oauthbearer           = {
TestTerraformConfluentPlatformExample 2022-07-30T19:37:11Z logger.go:66:                               - directoryPathInContainer = null
TestTerraformConfluentPlatformExample 2022-07-30T19:37:11Z logger.go:66:                               - secretRef                = null
TestTerraformConfluentPlatformExample 2022-07-30T19:37:11Z logger.go:66:                             }
TestTerraformConfluentPlatformExample 2022-07-30T19:37:11Z logger.go:66:                           - type                  = null
TestTerraformConfluentPlatformExample 2022-07-30T19:37:11Z logger.go:66:                         }
TestTerraformConfluentPlatformExample 2022-07-30T19:37:11Z logger.go:66:                       - discovery      = {
TestTerraformConfluentPlatformExample 2022-07-30T19:37:11Z logger.go:66:                           - name      = null
TestTerraformConfluentPlatformExample 2022-07-30T19:37:11Z logger.go:66:                           - namespace = null
TestTerraformConfluentPlatformExample 2022-07-30T19:37:11Z logger.go:66:                           - secretRef = null
TestTerraformConfluentPlatformExample 2022-07-30T19:37:11Z logger.go:66:                         }
TestTerraformConfluentPlatformExample 2022-07-30T19:37:11Z logger.go:66:                       - endpoint       = null
TestTerraformConfluentPlatformExample 2022-07-30T19:37:11Z logger.go:66:                       - tls            = {
TestTerraformConfluentPlatformExample 2022-07-30T19:37:11Z logger.go:66:                           - directoryPathInContainer = null
TestTerraformConfluentPlatformExample 2022-07-30T19:37:11Z logger.go:66:                           - enabled                  = null
TestTerraformConfluentPlatformExample 2022-07-30T19:37:11Z logger.go:66:                           - ignoreTrustStoreConfig   = null
TestTerraformConfluentPlatformExample 2022-07-30T19:37:11Z logger.go:66:                           - jksPassword              = {
TestTerraformConfluentPlatformExample 2022-07-30T19:37:11Z logger.go:66:                               - secretRef = null
TestTerraformConfluentPlatformExample 2022-07-30T19:37:11Z logger.go:66:                             }
TestTerraformConfluentPlatformExample 2022-07-30T19:37:11Z logger.go:66:                           - secretRef                = null
TestTerraformConfluentPlatformExample 2022-07-30T19:37:11Z logger.go:66:                         }
TestTerraformConfluentPlatformExample 2022-07-30T19:37:11Z logger.go:66:                     }
TestTerraformConfluentPlatformExample 2022-07-30T19:37:11Z logger.go:66:                 }
TestTerraformConfluentPlatformExample 2022-07-30T19:37:11Z logger.go:66:               - headlessService    = {
TestTerraformConfluentPlatformExample 2022-07-30T19:37:11Z logger.go:66:                   - annotations              = null
TestTerraformConfluentPlatformExample 2022-07-30T19:37:11Z logger.go:66:                   - labels                   = null
TestTerraformConfluentPlatformExample 2022-07-30T19:37:11Z logger.go:66:                   - publishNotReadyAddresses = null
TestTerraformConfluentPlatformExample 2022-07-30T19:37:11Z logger.go:66:                 }
TestTerraformConfluentPlatformExample 2022-07-30T19:37:11Z logger.go:66:               - identityProvider   = {
TestTerraformConfluentPlatformExample 2022-07-30T19:37:11Z logger.go:66:                   - ldap = {
TestTerraformConfluentPlatformExample 2022-07-30T19:37:11Z logger.go:66:                       - address        = null
TestTerraformConfluentPlatformExample 2022-07-30T19:37:11Z logger.go:66:                       - authentication = {
TestTerraformConfluentPlatformExample 2022-07-30T19:37:11Z logger.go:66:                           - simple = {
TestTerraformConfluentPlatformExample 2022-07-30T19:37:11Z logger.go:66:                               - directoryPathInContainer = null
TestTerraformConfluentPlatformExample 2022-07-30T19:37:11Z logger.go:66:                               - secretRef                = null
TestTerraformConfluentPlatformExample 2022-07-30T19:37:11Z logger.go:66:                             }
TestTerraformConfluentPlatformExample 2022-07-30T19:37:11Z logger.go:66:                           - type   = null
TestTerraformConfluentPlatformExample 2022-07-30T19:37:11Z logger.go:66:                         }
TestTerraformConfluentPlatformExample 2022-07-30T19:37:11Z logger.go:66:                       - configurations = {
TestTerraformConfluentPlatformExample 2022-07-30T19:37:11Z logger.go:66:                           - groupMemberAttribute         = null
TestTerraformConfluentPlatformExample 2022-07-30T19:37:11Z logger.go:66:                           - groupMemberAttributePattern  = null
TestTerraformConfluentPlatformExample 2022-07-30T19:37:11Z logger.go:66:                           - groupNameAttribute           = null
TestTerraformConfluentPlatformExample 2022-07-30T19:37:11Z logger.go:66:                           - groupObjectClass             = null
TestTerraformConfluentPlatformExample 2022-07-30T19:37:11Z logger.go:66:                           - groupSearchBase              = null
TestTerraformConfluentPlatformExample 2022-07-30T19:37:11Z logger.go:66:                           - groupSearchFilter            = null
TestTerraformConfluentPlatformExample 2022-07-30T19:37:11Z logger.go:66:                           - groupSearchScope             = null
TestTerraformConfluentPlatformExample 2022-07-30T19:37:11Z logger.go:66:                           - userMemberOfAttributePattern = null
TestTerraformConfluentPlatformExample 2022-07-30T19:37:11Z logger.go:66:                           - userNameAttribute            = null
TestTerraformConfluentPlatformExample 2022-07-30T19:37:11Z logger.go:66:                           - userObjectClass              = null
TestTerraformConfluentPlatformExample 2022-07-30T19:37:11Z logger.go:66:                           - userSearchBase               = null
TestTerraformConfluentPlatformExample 2022-07-30T19:37:11Z logger.go:66:                           - userSearchFilter             = null
TestTerraformConfluentPlatformExample 2022-07-30T19:37:11Z logger.go:66:                           - userSearchScope              = null
TestTerraformConfluentPlatformExample 2022-07-30T19:37:11Z logger.go:66:                         }
TestTerraformConfluentPlatformExample 2022-07-30T19:37:11Z logger.go:66:                       - tls            = {
TestTerraformConfluentPlatformExample 2022-07-30T19:37:11Z logger.go:66:                           - directoryPathInContainer = null
TestTerraformConfluentPlatformExample 2022-07-30T19:37:11Z logger.go:66:                           - enabled                  = null
TestTerraformConfluentPlatformExample 2022-07-30T19:37:11Z logger.go:66:                           - ignoreTrustStoreConfig   = null
TestTerraformConfluentPlatformExample 2022-07-30T19:37:11Z logger.go:66:                           - jksPassword              = {
TestTerraformConfluentPlatformExample 2022-07-30T19:37:11Z logger.go:66:                               - secretRef = null
TestTerraformConfluentPlatformExample 2022-07-30T19:37:11Z logger.go:66:                             }
TestTerraformConfluentPlatformExample 2022-07-30T19:37:11Z logger.go:66:                           - secretRef                = null
TestTerraformConfluentPlatformExample 2022-07-30T19:37:11Z logger.go:66:                         }
TestTerraformConfluentPlatformExample 2022-07-30T19:37:11Z logger.go:66:                     }
TestTerraformConfluentPlatformExample 2022-07-30T19:37:11Z logger.go:66:                   - type = null
TestTerraformConfluentPlatformExample 2022-07-30T19:37:11Z logger.go:66:                 }
TestTerraformConfluentPlatformExample 2022-07-30T19:37:11Z logger.go:66:               - image              = {
TestTerraformConfluentPlatformExample 2022-07-30T19:37:11Z logger.go:66:                   - application   = "confluentinc/cp-server:7.2.0"
TestTerraformConfluentPlatformExample 2022-07-30T19:37:11Z logger.go:66:                   - init          = "confluentinc/confluent-init-container:2.4.0"
TestTerraformConfluentPlatformExample 2022-07-30T19:37:11Z logger.go:66:                   - pullPolicy    = null
TestTerraformConfluentPlatformExample 2022-07-30T19:37:11Z logger.go:66:                   - pullSecretRef = null
TestTerraformConfluentPlatformExample 2022-07-30T19:37:11Z logger.go:66:                 }
TestTerraformConfluentPlatformExample 2022-07-30T19:37:11Z logger.go:66:               - injectAnnotations  = null
TestTerraformConfluentPlatformExample 2022-07-30T19:37:11Z logger.go:66:               - injectLabels       = null
TestTerraformConfluentPlatformExample 2022-07-30T19:37:11Z logger.go:66:               - k8sClusterDomain   = null
TestTerraformConfluentPlatformExample 2022-07-30T19:37:11Z logger.go:66:               - license            = {
TestTerraformConfluentPlatformExample 2022-07-30T19:37:11Z logger.go:66:                   - directoryPathInContainer = null
TestTerraformConfluentPlatformExample 2022-07-30T19:37:11Z logger.go:66:                   - globalLicense            = null
TestTerraformConfluentPlatformExample 2022-07-30T19:37:11Z logger.go:66:                   - secretRef                = null
TestTerraformConfluentPlatformExample 2022-07-30T19:37:11Z logger.go:66:                 }
TestTerraformConfluentPlatformExample 2022-07-30T19:37:11Z logger.go:66:               - listeners          = {
TestTerraformConfluentPlatformExample 2022-07-30T19:37:11Z logger.go:66:                   - custom   = null
TestTerraformConfluentPlatformExample 2022-07-30T19:37:11Z logger.go:66:                   - external = {
TestTerraformConfluentPlatformExample 2022-07-30T19:37:11Z logger.go:66:                       - authentication = {
TestTerraformConfluentPlatformExample 2022-07-30T19:37:11Z logger.go:66:                           - jaasConfig            = {
TestTerraformConfluentPlatformExample 2022-07-30T19:37:11Z logger.go:66:                               - secretRef = null
TestTerraformConfluentPlatformExample 2022-07-30T19:37:11Z logger.go:66:                             }
TestTerraformConfluentPlatformExample 2022-07-30T19:37:11Z logger.go:66:                           - jaasConfigPassThrough = {
TestTerraformConfluentPlatformExample 2022-07-30T19:37:11Z logger.go:66:                               - directoryPathInContainer = null
TestTerraformConfluentPlatformExample 2022-07-30T19:37:11Z logger.go:66:                               - secretRef                = null
TestTerraformConfluentPlatformExample 2022-07-30T19:37:11Z logger.go:66:                             }
TestTerraformConfluentPlatformExample 2022-07-30T19:37:11Z logger.go:66:                           - principalMappingRules = null
TestTerraformConfluentPlatformExample 2022-07-30T19:37:11Z logger.go:66:                           - type                  = null
TestTerraformConfluentPlatformExample 2022-07-30T19:37:11Z logger.go:66:                         }
TestTerraformConfluentPlatformExample 2022-07-30T19:37:11Z logger.go:66:                       - externalAccess = {
TestTerraformConfluentPlatformExample 2022-07-30T19:37:11Z logger.go:66:                           - loadBalancer              = {
TestTerraformConfluentPlatformExample 2022-07-30T19:37:11Z logger.go:66:                               - advertisedPort           = null
TestTerraformConfluentPlatformExample 2022-07-30T19:37:11Z logger.go:66:                               - annotations              = null
TestTerraformConfluentPlatformExample 2022-07-30T19:37:11Z logger.go:66:                               - bootstrapPrefix          = null
TestTerraformConfluentPlatformExample 2022-07-30T19:37:11Z logger.go:66:                               - brokerPrefix             = null
TestTerraformConfluentPlatformExample 2022-07-30T19:37:11Z logger.go:66:                               - domain                   = null
TestTerraformConfluentPlatformExample 2022-07-30T19:37:11Z logger.go:66:                               - externalTrafficPolicy    = null
TestTerraformConfluentPlatformExample 2022-07-30T19:37:11Z logger.go:66:                               - labels                   = null
TestTerraformConfluentPlatformExample 2022-07-30T19:37:11Z logger.go:66:                               - loadBalancerSourceRanges = null
TestTerraformConfluentPlatformExample 2022-07-30T19:37:11Z logger.go:66:                               - servicePorts             = null
TestTerraformConfluentPlatformExample 2022-07-30T19:37:11Z logger.go:66:                               - sessionAffinity          = null
TestTerraformConfluentPlatformExample 2022-07-30T19:37:11Z logger.go:66:                               - sessionAffinityConfig    = {
TestTerraformConfluentPlatformExample 2022-07-30T19:37:11Z logger.go:66:                                   - clientIP = {
TestTerraformConfluentPlatformExample 2022-07-30T19:37:11Z logger.go:66:                                       - timeoutSeconds = null
TestTerraformConfluentPlatformExample 2022-07-30T19:37:11Z logger.go:66:                                     }
TestTerraformConfluentPlatformExample 2022-07-30T19:37:11Z logger.go:66:                                 }
TestTerraformConfluentPlatformExample 2022-07-30T19:37:11Z logger.go:66:                             }
TestTerraformConfluentPlatformExample 2022-07-30T19:37:11Z logger.go:66:                           - nodePort                  = {
TestTerraformConfluentPlatformExample 2022-07-30T19:37:11Z logger.go:66:                               - advertisedURL         = {
TestTerraformConfluentPlatformExample 2022-07-30T19:37:11Z logger.go:66:                                   - enabled = null
TestTerraformConfluentPlatformExample 2022-07-30T19:37:11Z logger.go:66:                                   - prefix  = null
TestTerraformConfluentPlatformExample 2022-07-30T19:37:11Z logger.go:66:                                 }
TestTerraformConfluentPlatformExample 2022-07-30T19:37:11Z logger.go:66:                               - annotations           = null
TestTerraformConfluentPlatformExample 2022-07-30T19:37:11Z logger.go:66:                               - externalTrafficPolicy = null
TestTerraformConfluentPlatformExample 2022-07-30T19:37:11Z logger.go:66:                               - host                  = null
TestTerraformConfluentPlatformExample 2022-07-30T19:37:11Z logger.go:66:                               - labels                = null
TestTerraformConfluentPlatformExample 2022-07-30T19:37:11Z logger.go:66:                               - nodePortOffset        = null
TestTerraformConfluentPlatformExample 2022-07-30T19:37:11Z logger.go:66:                               - servicePorts          = null
TestTerraformConfluentPlatformExample 2022-07-30T19:37:11Z logger.go:66:                               - sessionAffinity       = null
TestTerraformConfluentPlatformExample 2022-07-30T19:37:11Z logger.go:66:                               - sessionAffinityConfig = {
TestTerraformConfluentPlatformExample 2022-07-30T19:37:11Z logger.go:66:                                   - clientIP = {
TestTerraformConfluentPlatformExample 2022-07-30T19:37:11Z logger.go:66:                                       - timeoutSeconds = null
TestTerraformConfluentPlatformExample 2022-07-30T19:37:11Z logger.go:66:                                     }
TestTerraformConfluentPlatformExample 2022-07-30T19:37:11Z logger.go:66:                                 }
TestTerraformConfluentPlatformExample 2022-07-30T19:37:11Z logger.go:66:                             }
TestTerraformConfluentPlatformExample 2022-07-30T19:37:11Z logger.go:66:                           - route                     = {
TestTerraformConfluentPlatformExample 2022-07-30T19:37:11Z logger.go:66:                               - annotations     = null
TestTerraformConfluentPlatformExample 2022-07-30T19:37:11Z logger.go:66:                               - bootstrapPrefix = null
TestTerraformConfluentPlatformExample 2022-07-30T19:37:11Z logger.go:66:                               - brokerPrefix    = null
TestTerraformConfluentPlatformExample 2022-07-30T19:37:11Z logger.go:66:                               - domain          = null
TestTerraformConfluentPlatformExample 2022-07-30T19:37:11Z logger.go:66:                               - labels          = null
TestTerraformConfluentPlatformExample 2022-07-30T19:37:11Z logger.go:66:                               - wildcardPolicy  = null
TestTerraformConfluentPlatformExample 2022-07-30T19:37:11Z logger.go:66:                             }
TestTerraformConfluentPlatformExample 2022-07-30T19:37:11Z logger.go:66:                           - staticForHostBasedRouting = {
TestTerraformConfluentPlatformExample 2022-07-30T19:37:11Z logger.go:66:                               - brokerPrefix = null
TestTerraformConfluentPlatformExample 2022-07-30T19:37:11Z logger.go:66:                               - domain       = null
TestTerraformConfluentPlatformExample 2022-07-30T19:37:11Z logger.go:66:                               - port         = null
TestTerraformConfluentPlatformExample 2022-07-30T19:37:11Z logger.go:66:                             }
TestTerraformConfluentPlatformExample 2022-07-30T19:37:11Z logger.go:66:                           - staticForPortBasedRouting = {
TestTerraformConfluentPlatformExample 2022-07-30T19:37:11Z logger.go:66:                               - host       = null
TestTerraformConfluentPlatformExample 2022-07-30T19:37:11Z logger.go:66:                               - portOffset = null
TestTerraformConfluentPlatformExample 2022-07-30T19:37:11Z logger.go:66:                             }
TestTerraformConfluentPlatformExample 2022-07-30T19:37:11Z logger.go:66:                           - type                      = null
TestTerraformConfluentPlatformExample 2022-07-30T19:37:11Z logger.go:66:                         }
TestTerraformConfluentPlatformExample 2022-07-30T19:37:11Z logger.go:66:                       - tls            = {
TestTerraformConfluentPlatformExample 2022-07-30T19:37:11Z logger.go:66:                           - directoryPathInContainer = null
TestTerraformConfluentPlatformExample 2022-07-30T19:37:11Z logger.go:66:                           - enabled                  = null
TestTerraformConfluentPlatformExample 2022-07-30T19:37:11Z logger.go:66:                           - ignoreTrustStoreConfig   = null
TestTerraformConfluentPlatformExample 2022-07-30T19:37:11Z logger.go:66:                           - jksPassword              = {
TestTerraformConfluentPlatformExample 2022-07-30T19:37:11Z logger.go:66:                               - secretRef = null
TestTerraformConfluentPlatformExample 2022-07-30T19:37:11Z logger.go:66:                             }
TestTerraformConfluentPlatformExample 2022-07-30T19:37:11Z logger.go:66:                           - secretRef                = null
TestTerraformConfluentPlatformExample 2022-07-30T19:37:11Z logger.go:66:                         }
TestTerraformConfluentPlatformExample 2022-07-30T19:37:11Z logger.go:66:                     }
TestTerraformConfluentPlatformExample 2022-07-30T19:37:11Z logger.go:66:                   - internal = {
TestTerraformConfluentPlatformExample 2022-07-30T19:37:11Z logger.go:66:                       - authentication = {
TestTerraformConfluentPlatformExample 2022-07-30T19:37:11Z logger.go:66:                           - jaasConfig            = {
TestTerraformConfluentPlatformExample 2022-07-30T19:37:11Z logger.go:66:                               - secretRef = null
TestTerraformConfluentPlatformExample 2022-07-30T19:37:11Z logger.go:66:                             }
TestTerraformConfluentPlatformExample 2022-07-30T19:37:11Z logger.go:66:                           - jaasConfigPassThrough = {
TestTerraformConfluentPlatformExample 2022-07-30T19:37:11Z logger.go:66:                               - directoryPathInContainer = null
TestTerraformConfluentPlatformExample 2022-07-30T19:37:11Z logger.go:66:                               - secretRef                = null
TestTerraformConfluentPlatformExample 2022-07-30T19:37:11Z logger.go:66:                             }
TestTerraformConfluentPlatformExample 2022-07-30T19:37:11Z logger.go:66:                           - principalMappingRules = null
TestTerraformConfluentPlatformExample 2022-07-30T19:37:11Z logger.go:66:                           - type                  = null
TestTerraformConfluentPlatformExample 2022-07-30T19:37:11Z logger.go:66:                         }
TestTerraformConfluentPlatformExample 2022-07-30T19:37:11Z logger.go:66:                       - tls            = {
TestTerraformConfluentPlatformExample 2022-07-30T19:37:11Z logger.go:66:                           - directoryPathInContainer = null
TestTerraformConfluentPlatformExample 2022-07-30T19:37:11Z logger.go:66:                           - enabled                  = null
TestTerraformConfluentPlatformExample 2022-07-30T19:37:11Z logger.go:66:                           - ignoreTrustStoreConfig   = null
TestTerraformConfluentPlatformExample 2022-07-30T19:37:11Z logger.go:66:                           - jksPassword              = {
TestTerraformConfluentPlatformExample 2022-07-30T19:37:11Z logger.go:66:                               - secretRef = null
TestTerraformConfluentPlatformExample 2022-07-30T19:37:11Z logger.go:66:                             }
TestTerraformConfluentPlatformExample 2022-07-30T19:37:11Z logger.go:66:                           - secretRef                = null
TestTerraformConfluentPlatformExample 2022-07-30T19:37:11Z logger.go:66:                         }
TestTerraformConfluentPlatformExample 2022-07-30T19:37:11Z logger.go:66:                     }
TestTerraformConfluentPlatformExample 2022-07-30T19:37:11Z logger.go:66:                 }
TestTerraformConfluentPlatformExample 2022-07-30T19:37:11Z logger.go:66:               - metricReporter     = {
TestTerraformConfluentPlatformExample 2022-07-30T19:37:11Z logger.go:66:                   - authentication    = {
TestTerraformConfluentPlatformExample 2022-07-30T19:37:11Z logger.go:66:                       - jaasConfig            = {
TestTerraformConfluentPlatformExample 2022-07-30T19:37:11Z logger.go:66:                           - secretRef = null
TestTerraformConfluentPlatformExample 2022-07-30T19:37:11Z logger.go:66:                         }
TestTerraformConfluentPlatformExample 2022-07-30T19:37:11Z logger.go:66:                       - jaasConfigPassThrough = {
TestTerraformConfluentPlatformExample 2022-07-30T19:37:11Z logger.go:66:                           - directoryPathInContainer = null
TestTerraformConfluentPlatformExample 2022-07-30T19:37:11Z logger.go:66:                           - secretRef                = null
TestTerraformConfluentPlatformExample 2022-07-30T19:37:11Z logger.go:66:                         }
TestTerraformConfluentPlatformExample 2022-07-30T19:37:11Z logger.go:66:                       - oauthbearer           = {
TestTerraformConfluentPlatformExample 2022-07-30T19:37:11Z logger.go:66:                           - directoryPathInContainer = null
TestTerraformConfluentPlatformExample 2022-07-30T19:37:11Z logger.go:66:                           - secretRef                = null
TestTerraformConfluentPlatformExample 2022-07-30T19:37:11Z logger.go:66:                         }
TestTerraformConfluentPlatformExample 2022-07-30T19:37:11Z logger.go:66:                       - type                  = null
TestTerraformConfluentPlatformExample 2022-07-30T19:37:11Z logger.go:66:                     }
TestTerraformConfluentPlatformExample 2022-07-30T19:37:11Z logger.go:66:                   - bootstrapEndpoint = null
TestTerraformConfluentPlatformExample 2022-07-30T19:37:11Z logger.go:66:                   - enabled           = true
TestTerraformConfluentPlatformExample 2022-07-30T19:37:11Z logger.go:66:                   - replicationFactor = null
TestTerraformConfluentPlatformExample 2022-07-30T19:37:11Z logger.go:66:                   - tls               = {
TestTerraformConfluentPlatformExample 2022-07-30T19:37:11Z logger.go:66:                       - directoryPathInContainer = null
TestTerraformConfluentPlatformExample 2022-07-30T19:37:11Z logger.go:66:                       - enabled                  = null
TestTerraformConfluentPlatformExample 2022-07-30T19:37:11Z logger.go:66:                       - ignoreTrustStoreConfig   = null
TestTerraformConfluentPlatformExample 2022-07-30T19:37:11Z logger.go:66:                       - jksPassword              = {
TestTerraformConfluentPlatformExample 2022-07-30T19:37:11Z logger.go:66:                           - secretRef = null
TestTerraformConfluentPlatformExample 2022-07-30T19:37:11Z logger.go:66:                         }
TestTerraformConfluentPlatformExample 2022-07-30T19:37:11Z logger.go:66:                       - secretRef                = null
TestTerraformConfluentPlatformExample 2022-07-30T19:37:11Z logger.go:66:                     }
TestTerraformConfluentPlatformExample 2022-07-30T19:37:11Z logger.go:66:                 }
TestTerraformConfluentPlatformExample 2022-07-30T19:37:11Z logger.go:66:               - metrics            = {
TestTerraformConfluentPlatformExample 2022-07-30T19:37:11Z logger.go:66:                   - authentication = {
TestTerraformConfluentPlatformExample 2022-07-30T19:37:11Z logger.go:66:                       - type = null
TestTerraformConfluentPlatformExample 2022-07-30T19:37:11Z logger.go:66:                     }
TestTerraformConfluentPlatformExample 2022-07-30T19:37:11Z logger.go:66:                   - prometheus     = {
TestTerraformConfluentPlatformExample 2022-07-30T19:37:11Z logger.go:66:                       - blacklist = null
TestTerraformConfluentPlatformExample 2022-07-30T19:37:11Z logger.go:66:                       - rules     = null
TestTerraformConfluentPlatformExample 2022-07-30T19:37:11Z logger.go:66:                       - whitelist = null
TestTerraformConfluentPlatformExample 2022-07-30T19:37:11Z logger.go:66:                     }
TestTerraformConfluentPlatformExample 2022-07-30T19:37:11Z logger.go:66:                   - tls            = {
TestTerraformConfluentPlatformExample 2022-07-30T19:37:11Z logger.go:66:                       - directoryPathInContainer = null
TestTerraformConfluentPlatformExample 2022-07-30T19:37:11Z logger.go:66:                       - enabled                  = null
TestTerraformConfluentPlatformExample 2022-07-30T19:37:11Z logger.go:66:                       - ignoreTrustStoreConfig   = null
TestTerraformConfluentPlatformExample 2022-07-30T19:37:11Z logger.go:66:                       - jksPassword              = {
TestTerraformConfluentPlatformExample 2022-07-30T19:37:11Z logger.go:66:                           - secretRef = null
TestTerraformConfluentPlatformExample 2022-07-30T19:37:11Z logger.go:66:                         }
TestTerraformConfluentPlatformExample 2022-07-30T19:37:11Z logger.go:66:                       - secretRef                = null
TestTerraformConfluentPlatformExample 2022-07-30T19:37:11Z logger.go:66:                     }
TestTerraformConfluentPlatformExample 2022-07-30T19:37:11Z logger.go:66:                 }
TestTerraformConfluentPlatformExample 2022-07-30T19:37:11Z logger.go:66:               - mountedSecrets     = null
TestTerraformConfluentPlatformExample 2022-07-30T19:37:11Z logger.go:66:               - mountedVolumes     = {
TestTerraformConfluentPlatformExample 2022-07-30T19:37:11Z logger.go:66:                   - volumeMounts = null
TestTerraformConfluentPlatformExample 2022-07-30T19:37:11Z logger.go:66:                   - volumes      = null
TestTerraformConfluentPlatformExample 2022-07-30T19:37:11Z logger.go:66:                 }
TestTerraformConfluentPlatformExample 2022-07-30T19:37:11Z logger.go:66:               - oneReplicaPerNode  = null
TestTerraformConfluentPlatformExample 2022-07-30T19:37:11Z logger.go:66:               - passwordEncoder    = {
TestTerraformConfluentPlatformExample 2022-07-30T19:37:11Z logger.go:66:                   - directoryPathInContainer = null
TestTerraformConfluentPlatformExample 2022-07-30T19:37:11Z logger.go:66:                   - secretRef                = null
TestTerraformConfluentPlatformExample 2022-07-30T19:37:11Z logger.go:66:                 }
TestTerraformConfluentPlatformExample 2022-07-30T19:37:11Z logger.go:66:               - podTemplate        = {
TestTerraformConfluentPlatformExample 2022-07-30T19:37:11Z logger.go:66:                   - affinity                      = {
TestTerraformConfluentPlatformExample 2022-07-30T19:37:11Z logger.go:66:                       - nodeAffinity    = {
TestTerraformConfluentPlatformExample 2022-07-30T19:37:11Z logger.go:66:                           - preferredDuringSchedulingIgnoredDuringExecution = null
TestTerraformConfluentPlatformExample 2022-07-30T19:37:11Z logger.go:66:                           - requiredDuringSchedulingIgnoredDuringExecution  = {
TestTerraformConfluentPlatformExample 2022-07-30T19:37:11Z logger.go:66:                               - nodeSelectorTerms = null
TestTerraformConfluentPlatformExample 2022-07-30T19:37:11Z logger.go:66:                             }
TestTerraformConfluentPlatformExample 2022-07-30T19:37:11Z logger.go:66:                         }
TestTerraformConfluentPlatformExample 2022-07-30T19:37:11Z logger.go:66:                       - podAffinity     = {
TestTerraformConfluentPlatformExample 2022-07-30T19:37:11Z logger.go:66:                           - preferredDuringSchedulingIgnoredDuringExecution = null
TestTerraformConfluentPlatformExample 2022-07-30T19:37:11Z logger.go:66:                           - requiredDuringSchedulingIgnoredDuringExecution  = null
TestTerraformConfluentPlatformExample 2022-07-30T19:37:11Z logger.go:66:                         }
TestTerraformConfluentPlatformExample 2022-07-30T19:37:11Z logger.go:66:                       - podAntiAffinity = {
TestTerraformConfluentPlatformExample 2022-07-30T19:37:11Z logger.go:66:                           - preferredDuringSchedulingIgnoredDuringExecution = null
TestTerraformConfluentPlatformExample 2022-07-30T19:37:11Z logger.go:66:                           - requiredDuringSchedulingIgnoredDuringExecution  = null
TestTerraformConfluentPlatformExample 2022-07-30T19:37:11Z logger.go:66:                         }
TestTerraformConfluentPlatformExample 2022-07-30T19:37:11Z logger.go:66:                     }
TestTerraformConfluentPlatformExample 2022-07-30T19:37:11Z logger.go:66:                   - annotations                   = null
TestTerraformConfluentPlatformExample 2022-07-30T19:37:11Z logger.go:66:                   - envVars                       = null
TestTerraformConfluentPlatformExample 2022-07-30T19:37:11Z logger.go:66:                   - labels                        = null
TestTerraformConfluentPlatformExample 2022-07-30T19:37:11Z logger.go:66:                   - podSecurityContext            = {
TestTerraformConfluentPlatformExample 2022-07-30T19:37:11Z logger.go:66:                       - fsGroup             = null
TestTerraformConfluentPlatformExample 2022-07-30T19:37:11Z logger.go:66:                       - fsGroupChangePolicy = null
TestTerraformConfluentPlatformExample 2022-07-30T19:37:11Z logger.go:66:                       - runAsGroup          = null
TestTerraformConfluentPlatformExample 2022-07-30T19:37:11Z logger.go:66:                       - runAsNonRoot        = null
TestTerraformConfluentPlatformExample 2022-07-30T19:37:11Z logger.go:66:                       - runAsUser           = null
TestTerraformConfluentPlatformExample 2022-07-30T19:37:11Z logger.go:66:                       - seLinuxOptions      = {
TestTerraformConfluentPlatformExample 2022-07-30T19:37:11Z logger.go:66:                           - level = null
TestTerraformConfluentPlatformExample 2022-07-30T19:37:11Z logger.go:66:                           - role  = null
TestTerraformConfluentPlatformExample 2022-07-30T19:37:11Z logger.go:66:                           - type  = null
TestTerraformConfluentPlatformExample 2022-07-30T19:37:11Z logger.go:66:                           - user  = null
TestTerraformConfluentPlatformExample 2022-07-30T19:37:11Z logger.go:66:                         }
TestTerraformConfluentPlatformExample 2022-07-30T19:37:11Z logger.go:66:                       - seccompProfile      = {
TestTerraformConfluentPlatformExample 2022-07-30T19:37:11Z logger.go:66:                           - localhostProfile = null
TestTerraformConfluentPlatformExample 2022-07-30T19:37:11Z logger.go:66:                           - type             = null
TestTerraformConfluentPlatformExample 2022-07-30T19:37:11Z logger.go:66:                         }
TestTerraformConfluentPlatformExample 2022-07-30T19:37:11Z logger.go:66:                       - supplementalGroups  = null
TestTerraformConfluentPlatformExample 2022-07-30T19:37:11Z logger.go:66:                       - sysctls             = null
TestTerraformConfluentPlatformExample 2022-07-30T19:37:11Z logger.go:66:                       - windowsOptions      = {
TestTerraformConfluentPlatformExample 2022-07-30T19:37:11Z logger.go:66:                           - gmsaCredentialSpec     = null
TestTerraformConfluentPlatformExample 2022-07-30T19:37:11Z logger.go:66:                           - gmsaCredentialSpecName = null
TestTerraformConfluentPlatformExample 2022-07-30T19:37:11Z logger.go:66:                           - hostProcess            = null
TestTerraformConfluentPlatformExample 2022-07-30T19:37:11Z logger.go:66:                           - runAsUserName          = null
TestTerraformConfluentPlatformExample 2022-07-30T19:37:11Z logger.go:66:                         }
TestTerraformConfluentPlatformExample 2022-07-30T19:37:11Z logger.go:66:                     }
TestTerraformConfluentPlatformExample 2022-07-30T19:37:11Z logger.go:66:                   - priorityClassName             = null
TestTerraformConfluentPlatformExample 2022-07-30T19:37:11Z logger.go:66:                   - probe                         = {
TestTerraformConfluentPlatformExample 2022-07-30T19:37:11Z logger.go:66:                       - liveness  = {
TestTerraformConfluentPlatformExample 2022-07-30T19:37:11Z logger.go:66:                           - failureThreshold    = null
TestTerraformConfluentPlatformExample 2022-07-30T19:37:11Z logger.go:66:                           - initialDelaySeconds = null
TestTerraformConfluentPlatformExample 2022-07-30T19:37:11Z logger.go:66:                           - periodSeconds       = null
TestTerraformConfluentPlatformExample 2022-07-30T19:37:11Z logger.go:66:                           - successThreshold    = null
TestTerraformConfluentPlatformExample 2022-07-30T19:37:11Z logger.go:66:                           - timeoutSeconds      = null
TestTerraformConfluentPlatformExample 2022-07-30T19:37:11Z logger.go:66:                         }
TestTerraformConfluentPlatformExample 2022-07-30T19:37:11Z logger.go:66:                       - readiness = {
TestTerraformConfluentPlatformExample 2022-07-30T19:37:11Z logger.go:66:                           - failureThreshold    = null
TestTerraformConfluentPlatformExample 2022-07-30T19:37:11Z logger.go:66:                           - initialDelaySeconds = null
TestTerraformConfluentPlatformExample 2022-07-30T19:37:11Z logger.go:66:                           - periodSeconds       = null
TestTerraformConfluentPlatformExample 2022-07-30T19:37:11Z logger.go:66:                           - successThreshold    = null
TestTerraformConfluentPlatformExample 2022-07-30T19:37:11Z logger.go:66:                           - timeoutSeconds      = null
TestTerraformConfluentPlatformExample 2022-07-30T19:37:11Z logger.go:66:                         }
TestTerraformConfluentPlatformExample 2022-07-30T19:37:11Z logger.go:66:                     }
TestTerraformConfluentPlatformExample 2022-07-30T19:37:11Z logger.go:66:                   - resources                     = {
TestTerraformConfluentPlatformExample 2022-07-30T19:37:11Z logger.go:66:                       - limits   = null
TestTerraformConfluentPlatformExample 2022-07-30T19:37:11Z logger.go:66:                       - requests = null
TestTerraformConfluentPlatformExample 2022-07-30T19:37:11Z logger.go:66:                     }
TestTerraformConfluentPlatformExample 2022-07-30T19:37:11Z logger.go:66:                   - securityContext               = {
TestTerraformConfluentPlatformExample 2022-07-30T19:37:11Z logger.go:66:                       - allowPrivilegeEscalation = null
TestTerraformConfluentPlatformExample 2022-07-30T19:37:11Z logger.go:66:                       - capabilities             = {
TestTerraformConfluentPlatformExample 2022-07-30T19:37:11Z logger.go:66:                           - add  = null
TestTerraformConfluentPlatformExample 2022-07-30T19:37:11Z logger.go:66:                           - drop = null
TestTerraformConfluentPlatformExample 2022-07-30T19:37:11Z logger.go:66:                         }
TestTerraformConfluentPlatformExample 2022-07-30T19:37:11Z logger.go:66:                       - privileged               = null
TestTerraformConfluentPlatformExample 2022-07-30T19:37:11Z logger.go:66:                       - procMount                = null
TestTerraformConfluentPlatformExample 2022-07-30T19:37:11Z logger.go:66:                       - readOnlyRootFilesystem   = null
TestTerraformConfluentPlatformExample 2022-07-30T19:37:11Z logger.go:66:                       - runAsGroup               = null
TestTerraformConfluentPlatformExample 2022-07-30T19:37:11Z logger.go:66:                       - runAsNonRoot             = null
TestTerraformConfluentPlatformExample 2022-07-30T19:37:11Z logger.go:66:                       - runAsUser                = null
TestTerraformConfluentPlatformExample 2022-07-30T19:37:11Z logger.go:66:                       - seLinuxOptions           = {
TestTerraformConfluentPlatformExample 2022-07-30T19:37:11Z logger.go:66:                           - level = null
TestTerraformConfluentPlatformExample 2022-07-30T19:37:11Z logger.go:66:                           - role  = null
TestTerraformConfluentPlatformExample 2022-07-30T19:37:11Z logger.go:66:                           - type  = null
TestTerraformConfluentPlatformExample 2022-07-30T19:37:11Z logger.go:66:                           - user  = null
TestTerraformConfluentPlatformExample 2022-07-30T19:37:11Z logger.go:66:                         }
TestTerraformConfluentPlatformExample 2022-07-30T19:37:11Z logger.go:66:                       - seccompProfile           = {
TestTerraformConfluentPlatformExample 2022-07-30T19:37:11Z logger.go:66:                           - localhostProfile = null
TestTerraformConfluentPlatformExample 2022-07-30T19:37:11Z logger.go:66:                           - type             = null
TestTerraformConfluentPlatformExample 2022-07-30T19:37:11Z logger.go:66:                         }
TestTerraformConfluentPlatformExample 2022-07-30T19:37:11Z logger.go:66:                       - windowsOptions           = {
TestTerraformConfluentPlatformExample 2022-07-30T19:37:11Z logger.go:66:                           - gmsaCredentialSpec     = null
TestTerraformConfluentPlatformExample 2022-07-30T19:37:11Z logger.go:66:                           - gmsaCredentialSpecName = null
TestTerraformConfluentPlatformExample 2022-07-30T19:37:11Z logger.go:66:                           - hostProcess            = null
TestTerraformConfluentPlatformExample 2022-07-30T19:37:11Z logger.go:66:                           - runAsUserName          = null
TestTerraformConfluentPlatformExample 2022-07-30T19:37:11Z logger.go:66:                         }
TestTerraformConfluentPlatformExample 2022-07-30T19:37:11Z logger.go:66:                     }
TestTerraformConfluentPlatformExample 2022-07-30T19:37:11Z logger.go:66:                   - serviceAccountName            = null
TestTerraformConfluentPlatformExample 2022-07-30T19:37:11Z logger.go:66:                   - terminationGracePeriodSeconds = null
TestTerraformConfluentPlatformExample 2022-07-30T19:37:11Z logger.go:66:                   - tolerations                   = null
TestTerraformConfluentPlatformExample 2022-07-30T19:37:11Z logger.go:66:                   - topologySpreadConstraints     = null
TestTerraformConfluentPlatformExample 2022-07-30T19:37:11Z logger.go:66:                 }
TestTerraformConfluentPlatformExample 2022-07-30T19:37:11Z logger.go:66:               - rackAssignment     = {
TestTerraformConfluentPlatformExample 2022-07-30T19:37:11Z logger.go:66:                   - availabilityZoneCount = null
TestTerraformConfluentPlatformExample 2022-07-30T19:37:11Z logger.go:66:                   - nodeLabels            = null
TestTerraformConfluentPlatformExample 2022-07-30T19:37:11Z logger.go:66:                 }
TestTerraformConfluentPlatformExample 2022-07-30T19:37:11Z logger.go:66:               - replicas           = 3
TestTerraformConfluentPlatformExample 2022-07-30T19:37:11Z logger.go:66:               - services           = {
TestTerraformConfluentPlatformExample 2022-07-30T19:37:11Z logger.go:66:                   - kafkaRest = {
TestTerraformConfluentPlatformExample 2022-07-30T19:37:11Z logger.go:66:                       - authentication = {
TestTerraformConfluentPlatformExample 2022-07-30T19:37:11Z logger.go:66:                           - basic = {
TestTerraformConfluentPlatformExample 2022-07-30T19:37:11Z logger.go:66:                               - debug                    = null
TestTerraformConfluentPlatformExample 2022-07-30T19:37:11Z logger.go:66:                               - directoryPathInContainer = null
TestTerraformConfluentPlatformExample 2022-07-30T19:37:11Z logger.go:66:                               - restrictedRoles          = null
TestTerraformConfluentPlatformExample 2022-07-30T19:37:11Z logger.go:66:                               - roles                    = null
TestTerraformConfluentPlatformExample 2022-07-30T19:37:11Z logger.go:66:                               - secretRef                = null
TestTerraformConfluentPlatformExample 2022-07-30T19:37:11Z logger.go:66:                             }
TestTerraformConfluentPlatformExample 2022-07-30T19:37:11Z logger.go:66:                           - type  = null
TestTerraformConfluentPlatformExample 2022-07-30T19:37:11Z logger.go:66:                         }
TestTerraformConfluentPlatformExample 2022-07-30T19:37:11Z logger.go:66:                       - externalAccess = {
TestTerraformConfluentPlatformExample 2022-07-30T19:37:11Z logger.go:66:                           - loadBalancer = {
TestTerraformConfluentPlatformExample 2022-07-30T19:37:11Z logger.go:66:                               - advertisedURL            = {
TestTerraformConfluentPlatformExample 2022-07-30T19:37:11Z logger.go:66:                                   - enabled = null
TestTerraformConfluentPlatformExample 2022-07-30T19:37:11Z logger.go:66:                                   - prefix  = null
TestTerraformConfluentPlatformExample 2022-07-30T19:37:11Z logger.go:66:                                 }
TestTerraformConfluentPlatformExample 2022-07-30T19:37:11Z logger.go:66:                               - annotations              = null
TestTerraformConfluentPlatformExample 2022-07-30T19:37:11Z logger.go:66:                               - domain                   = null
TestTerraformConfluentPlatformExample 2022-07-30T19:37:11Z logger.go:66:                               - externalTrafficPolicy    = null
TestTerraformConfluentPlatformExample 2022-07-30T19:37:11Z logger.go:66:                               - labels                   = null
TestTerraformConfluentPlatformExample 2022-07-30T19:37:11Z logger.go:66:                               - loadBalancerSourceRanges = null
TestTerraformConfluentPlatformExample 2022-07-30T19:37:11Z logger.go:66:                               - port                     = null
TestTerraformConfluentPlatformExample 2022-07-30T19:37:11Z logger.go:66:                               - prefix                   = null
TestTerraformConfluentPlatformExample 2022-07-30T19:37:11Z logger.go:66:                               - servicePorts             = null
TestTerraformConfluentPlatformExample 2022-07-30T19:37:11Z logger.go:66:                               - sessionAffinity          = null
TestTerraformConfluentPlatformExample 2022-07-30T19:37:11Z logger.go:66:                               - sessionAffinityConfig    = {
TestTerraformConfluentPlatformExample 2022-07-30T19:37:11Z logger.go:66:                                   - clientIP = {
TestTerraformConfluentPlatformExample 2022-07-30T19:37:11Z logger.go:66:                                       - timeoutSeconds = null
TestTerraformConfluentPlatformExample 2022-07-30T19:37:11Z logger.go:66:                                     }
TestTerraformConfluentPlatformExample 2022-07-30T19:37:11Z logger.go:66:                                 }
TestTerraformConfluentPlatformExample 2022-07-30T19:37:11Z logger.go:66:                             }
TestTerraformConfluentPlatformExample 2022-07-30T19:37:11Z logger.go:66:                           - nodePort     = {
TestTerraformConfluentPlatformExample 2022-07-30T19:37:11Z logger.go:66:                               - advertisedURL         = {
TestTerraformConfluentPlatformExample 2022-07-30T19:37:11Z logger.go:66:                                   - enabled = null
TestTerraformConfluentPlatformExample 2022-07-30T19:37:11Z logger.go:66:                                   - prefix  = null
TestTerraformConfluentPlatformExample 2022-07-30T19:37:11Z logger.go:66:                                 }
TestTerraformConfluentPlatformExample 2022-07-30T19:37:11Z logger.go:66:                               - annotations           = null
TestTerraformConfluentPlatformExample 2022-07-30T19:37:11Z logger.go:66:                               - externalTrafficPolicy = null
TestTerraformConfluentPlatformExample 2022-07-30T19:37:11Z logger.go:66:                               - host                  = null
TestTerraformConfluentPlatformExample 2022-07-30T19:37:11Z logger.go:66:                               - labels                = null
TestTerraformConfluentPlatformExample 2022-07-30T19:37:11Z logger.go:66:                               - nodePortOffset        = null
TestTerraformConfluentPlatformExample 2022-07-30T19:37:11Z logger.go:66:                               - servicePorts          = null
TestTerraformConfluentPlatformExample 2022-07-30T19:37:11Z logger.go:66:                               - sessionAffinity       = null
TestTerraformConfluentPlatformExample 2022-07-30T19:37:11Z logger.go:66:                               - sessionAffinityConfig = {
TestTerraformConfluentPlatformExample 2022-07-30T19:37:11Z logger.go:66:                                   - clientIP = {
TestTerraformConfluentPlatformExample 2022-07-30T19:37:11Z logger.go:66:                                       - timeoutSeconds = null
TestTerraformConfluentPlatformExample 2022-07-30T19:37:11Z logger.go:66:                                     }
TestTerraformConfluentPlatformExample 2022-07-30T19:37:11Z logger.go:66:                                 }
TestTerraformConfluentPlatformExample 2022-07-30T19:37:11Z logger.go:66:                             }
TestTerraformConfluentPlatformExample 2022-07-30T19:37:11Z logger.go:66:                           - route        = {
TestTerraformConfluentPlatformExample 2022-07-30T19:37:11Z logger.go:66:                               - annotations    = null
TestTerraformConfluentPlatformExample 2022-07-30T19:37:11Z logger.go:66:                               - domain         = null
TestTerraformConfluentPlatformExample 2022-07-30T19:37:11Z logger.go:66:                               - labels         = null
TestTerraformConfluentPlatformExample 2022-07-30T19:37:11Z logger.go:66:                               - prefix         = null
TestTerraformConfluentPlatformExample 2022-07-30T19:37:11Z logger.go:66:                               - wildcardPolicy = null
TestTerraformConfluentPlatformExample 2022-07-30T19:37:11Z logger.go:66:                             }
TestTerraformConfluentPlatformExample 2022-07-30T19:37:11Z logger.go:66:                           - type         = null
TestTerraformConfluentPlatformExample 2022-07-30T19:37:11Z logger.go:66:                         }
TestTerraformConfluentPlatformExample 2022-07-30T19:37:11Z logger.go:66:                       - tls            = {
TestTerraformConfluentPlatformExample 2022-07-30T19:37:11Z logger.go:66:                           - directoryPathInContainer = null
TestTerraformConfluentPlatformExample 2022-07-30T19:37:11Z logger.go:66:                           - enabled                  = null
TestTerraformConfluentPlatformExample 2022-07-30T19:37:11Z logger.go:66:                           - ignoreTrustStoreConfig   = null
TestTerraformConfluentPlatformExample 2022-07-30T19:37:11Z logger.go:66:                           - jksPassword              = {
TestTerraformConfluentPlatformExample 2022-07-30T19:37:11Z logger.go:66:                               - secretRef = null
TestTerraformConfluentPlatformExample 2022-07-30T19:37:11Z logger.go:66:                             }
TestTerraformConfluentPlatformExample 2022-07-30T19:37:11Z logger.go:66:                           - secretRef                = null
TestTerraformConfluentPlatformExample 2022-07-30T19:37:11Z logger.go:66:                         }
TestTerraformConfluentPlatformExample 2022-07-30T19:37:11Z logger.go:66:                     }
TestTerraformConfluentPlatformExample 2022-07-30T19:37:11Z logger.go:66:                   - mds       = {
TestTerraformConfluentPlatformExample 2022-07-30T19:37:11Z logger.go:66:                       - authentication = {
TestTerraformConfluentPlatformExample 2022-07-30T19:37:11Z logger.go:66:                           - type = null
TestTerraformConfluentPlatformExample 2022-07-30T19:37:11Z logger.go:66:                         }
TestTerraformConfluentPlatformExample 2022-07-30T19:37:11Z logger.go:66:                       - externalAccess = {
TestTerraformConfluentPlatformExample 2022-07-30T19:37:11Z logger.go:66:                           - loadBalancer = {
TestTerraformConfluentPlatformExample 2022-07-30T19:37:11Z logger.go:66:                               - advertisedURL            = {
TestTerraformConfluentPlatformExample 2022-07-30T19:37:11Z logger.go:66:                                   - enabled = null
TestTerraformConfluentPlatformExample 2022-07-30T19:37:11Z logger.go:66:                                   - prefix  = null
TestTerraformConfluentPlatformExample 2022-07-30T19:37:11Z logger.go:66:                                 }
TestTerraformConfluentPlatformExample 2022-07-30T19:37:11Z logger.go:66:                               - annotations              = null
TestTerraformConfluentPlatformExample 2022-07-30T19:37:11Z logger.go:66:                               - domain                   = null
TestTerraformConfluentPlatformExample 2022-07-30T19:37:11Z logger.go:66:                               - externalTrafficPolicy    = null
TestTerraformConfluentPlatformExample 2022-07-30T19:37:11Z logger.go:66:                               - labels                   = null
TestTerraformConfluentPlatformExample 2022-07-30T19:37:11Z logger.go:66:                               - loadBalancerSourceRanges = null
TestTerraformConfluentPlatformExample 2022-07-30T19:37:11Z logger.go:66:                               - port                     = null
TestTerraformConfluentPlatformExample 2022-07-30T19:37:11Z logger.go:66:                               - prefix                   = null
TestTerraformConfluentPlatformExample 2022-07-30T19:37:11Z logger.go:66:                               - servicePorts             = null
TestTerraformConfluentPlatformExample 2022-07-30T19:37:11Z logger.go:66:                               - sessionAffinity          = null
TestTerraformConfluentPlatformExample 2022-07-30T19:37:11Z logger.go:66:                               - sessionAffinityConfig    = {
TestTerraformConfluentPlatformExample 2022-07-30T19:37:11Z logger.go:66:                                   - clientIP = {
TestTerraformConfluentPlatformExample 2022-07-30T19:37:11Z logger.go:66:                                       - timeoutSeconds = null
TestTerraformConfluentPlatformExample 2022-07-30T19:37:11Z logger.go:66:                                     }
TestTerraformConfluentPlatformExample 2022-07-30T19:37:11Z logger.go:66:                                 }
TestTerraformConfluentPlatformExample 2022-07-30T19:37:11Z logger.go:66:                             }
TestTerraformConfluentPlatformExample 2022-07-30T19:37:11Z logger.go:66:                           - nodePort     = {
TestTerraformConfluentPlatformExample 2022-07-30T19:37:11Z logger.go:66:                               - advertisedURL         = {
TestTerraformConfluentPlatformExample 2022-07-30T19:37:11Z logger.go:66:                                   - enabled = null
TestTerraformConfluentPlatformExample 2022-07-30T19:37:11Z logger.go:66:                                   - prefix  = null
TestTerraformConfluentPlatformExample 2022-07-30T19:37:11Z logger.go:66:                                 }
TestTerraformConfluentPlatformExample 2022-07-30T19:37:11Z logger.go:66:                               - annotations           = null
TestTerraformConfluentPlatformExample 2022-07-30T19:37:11Z logger.go:66:                               - externalTrafficPolicy = null
TestTerraformConfluentPlatformExample 2022-07-30T19:37:11Z logger.go:66:                               - host                  = null
TestTerraformConfluentPlatformExample 2022-07-30T19:37:11Z logger.go:66:                               - labels                = null
TestTerraformConfluentPlatformExample 2022-07-30T19:37:11Z logger.go:66:                               - nodePortOffset        = null
TestTerraformConfluentPlatformExample 2022-07-30T19:37:11Z logger.go:66:                               - servicePorts          = null
TestTerraformConfluentPlatformExample 2022-07-30T19:37:11Z logger.go:66:                               - sessionAffinity       = null
TestTerraformConfluentPlatformExample 2022-07-30T19:37:11Z logger.go:66:                               - sessionAffinityConfig = {
TestTerraformConfluentPlatformExample 2022-07-30T19:37:11Z logger.go:66:                                   - clientIP = {
TestTerraformConfluentPlatformExample 2022-07-30T19:37:11Z logger.go:66:                                       - timeoutSeconds = null
TestTerraformConfluentPlatformExample 2022-07-30T19:37:11Z logger.go:66:                                     }
TestTerraformConfluentPlatformExample 2022-07-30T19:37:11Z logger.go:66:                                 }
TestTerraformConfluentPlatformExample 2022-07-30T19:37:11Z logger.go:66:                             }
TestTerraformConfluentPlatformExample 2022-07-30T19:37:11Z logger.go:66:                           - route        = {
TestTerraformConfluentPlatformExample 2022-07-30T19:37:11Z logger.go:66:                               - annotations    = null
TestTerraformConfluentPlatformExample 2022-07-30T19:37:11Z logger.go:66:                               - domain         = null
TestTerraformConfluentPlatformExample 2022-07-30T19:37:11Z logger.go:66:                               - labels         = null
TestTerraformConfluentPlatformExample 2022-07-30T19:37:11Z logger.go:66:                               - prefix         = null
TestTerraformConfluentPlatformExample 2022-07-30T19:37:11Z logger.go:66:                               - wildcardPolicy = null
TestTerraformConfluentPlatformExample 2022-07-30T19:37:11Z logger.go:66:                             }
TestTerraformConfluentPlatformExample 2022-07-30T19:37:11Z logger.go:66:                           - type         = null
TestTerraformConfluentPlatformExample 2022-07-30T19:37:11Z logger.go:66:                         }
TestTerraformConfluentPlatformExample 2022-07-30T19:37:11Z logger.go:66:                       - provider       = {
TestTerraformConfluentPlatformExample 2022-07-30T19:37:11Z logger.go:66:                           - ldap = {
TestTerraformConfluentPlatformExample 2022-07-30T19:37:11Z logger.go:66:                               - address        = null
TestTerraformConfluentPlatformExample 2022-07-30T19:37:11Z logger.go:66:                               - authentication = {
TestTerraformConfluentPlatformExample 2022-07-30T19:37:11Z logger.go:66:                                   - simple = {
TestTerraformConfluentPlatformExample 2022-07-30T19:37:11Z logger.go:66:                                       - directoryPathInContainer = null
TestTerraformConfluentPlatformExample 2022-07-30T19:37:11Z logger.go:66:                                       - secretRef                = null
TestTerraformConfluentPlatformExample 2022-07-30T19:37:11Z logger.go:66:                                     }
TestTerraformConfluentPlatformExample 2022-07-30T19:37:11Z logger.go:66:                                   - type   = null
TestTerraformConfluentPlatformExample 2022-07-30T19:37:11Z logger.go:66:                                 }
TestTerraformConfluentPlatformExample 2022-07-30T19:37:11Z logger.go:66:                               - configurations = {
TestTerraformConfluentPlatformExample 2022-07-30T19:37:11Z logger.go:66:                                   - groupMemberAttribute         = null
TestTerraformConfluentPlatformExample 2022-07-30T19:37:11Z logger.go:66:                                   - groupMemberAttributePattern  = null
TestTerraformConfluentPlatformExample 2022-07-30T19:37:11Z logger.go:66:                                   - groupNameAttribute           = null
TestTerraformConfluentPlatformExample 2022-07-30T19:37:11Z logger.go:66:                                   - groupObjectClass             = null
TestTerraformConfluentPlatformExample 2022-07-30T19:37:11Z logger.go:66:                                   - groupSearchBase              = null
TestTerraformConfluentPlatformExample 2022-07-30T19:37:11Z logger.go:66:                                   - groupSearchFilter            = null
TestTerraformConfluentPlatformExample 2022-07-30T19:37:11Z logger.go:66:                                   - groupSearchScope             = null
TestTerraformConfluentPlatformExample 2022-07-30T19:37:11Z logger.go:66:                                   - userMemberOfAttributePattern = null
TestTerraformConfluentPlatformExample 2022-07-30T19:37:11Z logger.go:66:                                   - userNameAttribute            = null
TestTerraformConfluentPlatformExample 2022-07-30T19:37:11Z logger.go:66:                                   - userObjectClass              = null
TestTerraformConfluentPlatformExample 2022-07-30T19:37:11Z logger.go:66:                                   - userSearchBase               = null
TestTerraformConfluentPlatformExample 2022-07-30T19:37:11Z logger.go:66:                                   - userSearchFilter             = null
TestTerraformConfluentPlatformExample 2022-07-30T19:37:11Z logger.go:66:                                   - userSearchScope              = null
TestTerraformConfluentPlatformExample 2022-07-30T19:37:11Z logger.go:66:                                 }
TestTerraformConfluentPlatformExample 2022-07-30T19:37:11Z logger.go:66:                               - tls            = {
TestTerraformConfluentPlatformExample 2022-07-30T19:37:11Z logger.go:66:                                   - directoryPathInContainer = null
TestTerraformConfluentPlatformExample 2022-07-30T19:37:11Z logger.go:66:                                   - enabled                  = null
TestTerraformConfluentPlatformExample 2022-07-30T19:37:11Z logger.go:66:                                   - ignoreTrustStoreConfig   = null
TestTerraformConfluentPlatformExample 2022-07-30T19:37:11Z logger.go:66:                                   - jksPassword              = {
TestTerraformConfluentPlatformExample 2022-07-30T19:37:11Z logger.go:66:                                       - secretRef = null
TestTerraformConfluentPlatformExample 2022-07-30T19:37:11Z logger.go:66:                                     }
TestTerraformConfluentPlatformExample 2022-07-30T19:37:11Z logger.go:66:                                   - secretRef                = null
TestTerraformConfluentPlatformExample 2022-07-30T19:37:11Z logger.go:66:                                 }
TestTerraformConfluentPlatformExample 2022-07-30T19:37:11Z logger.go:66:                             }
TestTerraformConfluentPlatformExample 2022-07-30T19:37:11Z logger.go:66:                           - type = null
TestTerraformConfluentPlatformExample 2022-07-30T19:37:11Z logger.go:66:                         }
TestTerraformConfluentPlatformExample 2022-07-30T19:37:11Z logger.go:66:                       - tls            = {
TestTerraformConfluentPlatformExample 2022-07-30T19:37:11Z logger.go:66:                           - directoryPathInContainer = null
TestTerraformConfluentPlatformExample 2022-07-30T19:37:11Z logger.go:66:                           - enabled                  = null
TestTerraformConfluentPlatformExample 2022-07-30T19:37:11Z logger.go:66:                           - ignoreTrustStoreConfig   = null
TestTerraformConfluentPlatformExample 2022-07-30T19:37:11Z logger.go:66:                           - jksPassword              = {
TestTerraformConfluentPlatformExample 2022-07-30T19:37:11Z logger.go:66:                               - secretRef = null
TestTerraformConfluentPlatformExample 2022-07-30T19:37:11Z logger.go:66:                             }
TestTerraformConfluentPlatformExample 2022-07-30T19:37:11Z logger.go:66:                           - secretRef                = null
TestTerraformConfluentPlatformExample 2022-07-30T19:37:11Z logger.go:66:                         }
TestTerraformConfluentPlatformExample 2022-07-30T19:37:11Z logger.go:66:                       - tokenKeyPair   = {
TestTerraformConfluentPlatformExample 2022-07-30T19:37:11Z logger.go:66:                           - directoryPathInContainer = null
TestTerraformConfluentPlatformExample 2022-07-30T19:37:11Z logger.go:66:                           - secretRef                = null
TestTerraformConfluentPlatformExample 2022-07-30T19:37:11Z logger.go:66:                         }
TestTerraformConfluentPlatformExample 2022-07-30T19:37:11Z logger.go:66:                     }
TestTerraformConfluentPlatformExample 2022-07-30T19:37:11Z logger.go:66:                 }
TestTerraformConfluentPlatformExample 2022-07-30T19:37:11Z logger.go:66:               - storageClass       = {
TestTerraformConfluentPlatformExample 2022-07-30T19:37:11Z logger.go:66:                   - name = null
TestTerraformConfluentPlatformExample 2022-07-30T19:37:11Z logger.go:66:                 }
TestTerraformConfluentPlatformExample 2022-07-30T19:37:11Z logger.go:66:               - telemetry          = {
TestTerraformConfluentPlatformExample 2022-07-30T19:37:11Z logger.go:66:                   - global = null
TestTerraformConfluentPlatformExample 2022-07-30T19:37:11Z logger.go:66:                 }
TestTerraformConfluentPlatformExample 2022-07-30T19:37:11Z logger.go:66:               - tls                = {
TestTerraformConfluentPlatformExample 2022-07-30T19:37:11Z logger.go:66:                   - autoGeneratedCerts       = null
TestTerraformConfluentPlatformExample 2022-07-30T19:37:11Z logger.go:66:                   - directoryPathInContainer = null
TestTerraformConfluentPlatformExample 2022-07-30T19:37:11Z logger.go:66:                   - ignoreTrustStoreConfig   = null
TestTerraformConfluentPlatformExample 2022-07-30T19:37:11Z logger.go:66:                   - jksPassword              = {
TestTerraformConfluentPlatformExample 2022-07-30T19:37:11Z logger.go:66:                       - secretRef = null
TestTerraformConfluentPlatformExample 2022-07-30T19:37:11Z logger.go:66:                     }
TestTerraformConfluentPlatformExample 2022-07-30T19:37:11Z logger.go:66:                   - secretRef                = null
TestTerraformConfluentPlatformExample 2022-07-30T19:37:11Z logger.go:66:                 }
TestTerraformConfluentPlatformExample 2022-07-30T19:37:11Z logger.go:66:             }
TestTerraformConfluentPlatformExample 2022-07-30T19:37:11Z logger.go:66:         } -> null
TestTerraformConfluentPlatformExample 2022-07-30T19:37:11Z logger.go:66:
TestTerraformConfluentPlatformExample 2022-07-30T19:37:11Z logger.go:66:       - timeouts {
TestTerraformConfluentPlatformExample 2022-07-30T19:37:11Z logger.go:66:           - create = "1h" -> null
TestTerraformConfluentPlatformExample 2022-07-30T19:37:11Z logger.go:66:           - delete = "10m" -> null
TestTerraformConfluentPlatformExample 2022-07-30T19:37:11Z logger.go:66:           - update = "1h" -> null
TestTerraformConfluentPlatformExample 2022-07-30T19:37:11Z logger.go:66:         }
TestTerraformConfluentPlatformExample 2022-07-30T19:37:11Z logger.go:66:
TestTerraformConfluentPlatformExample 2022-07-30T19:37:11Z logger.go:66:       - wait {
TestTerraformConfluentPlatformExample 2022-07-30T19:37:11Z logger.go:66:           - fields = {
TestTerraformConfluentPlatformExample 2022-07-30T19:37:11Z logger.go:66:               - "status.phase" = "RUNNING"
TestTerraformConfluentPlatformExample 2022-07-30T19:37:11Z logger.go:66:             } -> null
TestTerraformConfluentPlatformExample 2022-07-30T19:37:11Z logger.go:66:         }
TestTerraformConfluentPlatformExample 2022-07-30T19:37:11Z logger.go:66:     }
TestTerraformConfluentPlatformExample 2022-07-30T19:37:11Z logger.go:66:
TestTerraformConfluentPlatformExample 2022-07-30T19:37:11Z logger.go:66:   # module.confluent_platform.kubernetes_manifest.component["kafkarestproxy"] will be destroyed
TestTerraformConfluentPlatformExample 2022-07-30T19:37:11Z logger.go:66:   - resource "kubernetes_manifest" "component" {
TestTerraformConfluentPlatformExample 2022-07-30T19:37:11Z logger.go:66:       - computed_fields = [
TestTerraformConfluentPlatformExample 2022-07-30T19:37:11Z logger.go:66:           - "metadata.finalizers",
TestTerraformConfluentPlatformExample 2022-07-30T19:37:11Z logger.go:66:         ] -> null
TestTerraformConfluentPlatformExample 2022-07-30T19:37:11Z logger.go:66:       - manifest        = {
TestTerraformConfluentPlatformExample 2022-07-30T19:37:11Z logger.go:66:           - apiVersion = "platform.confluent.io/v1beta1"
TestTerraformConfluentPlatformExample 2022-07-30T19:37:11Z logger.go:66:           - kind       = "KafkaRestProxy"
TestTerraformConfluentPlatformExample 2022-07-30T19:37:11Z logger.go:66:           - metadata   = {
TestTerraformConfluentPlatformExample 2022-07-30T19:37:11Z logger.go:66:               - name      = "kafkarestproxy"
TestTerraformConfluentPlatformExample 2022-07-30T19:37:11Z logger.go:66:               - namespace = "confluent"
TestTerraformConfluentPlatformExample 2022-07-30T19:37:11Z logger.go:66:             }
TestTerraformConfluentPlatformExample 2022-07-30T19:37:11Z logger.go:66:           - spec       = {
TestTerraformConfluentPlatformExample 2022-07-30T19:37:11Z logger.go:66:               - dependencies = {
TestTerraformConfluentPlatformExample 2022-07-30T19:37:11Z logger.go:66:                   - schemaRegistry = {
TestTerraformConfluentPlatformExample 2022-07-30T19:37:11Z logger.go:66:                       - url = "http://schemaregistry.confluent.svc.cluster.local:8081"
TestTerraformConfluentPlatformExample 2022-07-30T19:37:11Z logger.go:66:                     }
TestTerraformConfluentPlatformExample 2022-07-30T19:37:11Z logger.go:66:                 }
TestTerraformConfluentPlatformExample 2022-07-30T19:37:11Z logger.go:66:               - image        = {
TestTerraformConfluentPlatformExample 2022-07-30T19:37:11Z logger.go:66:                   - application = "confluentinc/cp-kafka-rest:7.2.0"
TestTerraformConfluentPlatformExample 2022-07-30T19:37:11Z logger.go:66:                   - init        = "confluentinc/confluent-init-container:2.4.0"
TestTerraformConfluentPlatformExample 2022-07-30T19:37:11Z logger.go:66:                 }
TestTerraformConfluentPlatformExample 2022-07-30T19:37:11Z logger.go:66:               - replicas     = 1
TestTerraformConfluentPlatformExample 2022-07-30T19:37:11Z logger.go:66:             }
TestTerraformConfluentPlatformExample 2022-07-30T19:37:11Z logger.go:66:         } -> null
TestTerraformConfluentPlatformExample 2022-07-30T19:37:11Z logger.go:66:       - object          = {
TestTerraformConfluentPlatformExample 2022-07-30T19:37:11Z logger.go:66:           - apiVersion = "platform.confluent.io/v1beta1"
TestTerraformConfluentPlatformExample 2022-07-30T19:37:11Z logger.go:66:           - kind       = "KafkaRestProxy"
TestTerraformConfluentPlatformExample 2022-07-30T19:37:11Z logger.go:66:           - metadata   = {
TestTerraformConfluentPlatformExample 2022-07-30T19:37:11Z logger.go:66:               - annotations                = null
TestTerraformConfluentPlatformExample 2022-07-30T19:37:11Z logger.go:66:               - clusterName                = null
TestTerraformConfluentPlatformExample 2022-07-30T19:37:11Z logger.go:66:               - creationTimestamp          = null
TestTerraformConfluentPlatformExample 2022-07-30T19:37:11Z logger.go:66:               - deletionGracePeriodSeconds = null
TestTerraformConfluentPlatformExample 2022-07-30T19:37:11Z logger.go:66:               - deletionTimestamp          = null
TestTerraformConfluentPlatformExample 2022-07-30T19:37:11Z logger.go:66:               - finalizers                 = [
TestTerraformConfluentPlatformExample 2022-07-30T19:37:11Z logger.go:66:                   - "kafkarestproxy.finalizers.platform.confluent.io",
TestTerraformConfluentPlatformExample 2022-07-30T19:37:11Z logger.go:66:                 ]
TestTerraformConfluentPlatformExample 2022-07-30T19:37:11Z logger.go:66:               - generateName               = null
TestTerraformConfluentPlatformExample 2022-07-30T19:37:11Z logger.go:66:               - generation                 = null
TestTerraformConfluentPlatformExample 2022-07-30T19:37:11Z logger.go:66:               - labels                     = null
TestTerraformConfluentPlatformExample 2022-07-30T19:37:11Z logger.go:66:               - managedFields              = null
TestTerraformConfluentPlatformExample 2022-07-30T19:37:11Z logger.go:66:               - name                       = "kafkarestproxy"
TestTerraformConfluentPlatformExample 2022-07-30T19:37:11Z logger.go:66:               - namespace                  = "confluent"
TestTerraformConfluentPlatformExample 2022-07-30T19:37:11Z logger.go:66:               - ownerReferences            = null
TestTerraformConfluentPlatformExample 2022-07-30T19:37:11Z logger.go:66:               - resourceVersion            = null
TestTerraformConfluentPlatformExample 2022-07-30T19:37:11Z logger.go:66:               - selfLink                   = null
TestTerraformConfluentPlatformExample 2022-07-30T19:37:11Z logger.go:66:               - uid                        = null
TestTerraformConfluentPlatformExample 2022-07-30T19:37:11Z logger.go:66:             }
TestTerraformConfluentPlatformExample 2022-07-30T19:37:11Z logger.go:66:           - spec       = {
TestTerraformConfluentPlatformExample 2022-07-30T19:37:11Z logger.go:66:               - authentication    = {
TestTerraformConfluentPlatformExample 2022-07-30T19:37:11Z logger.go:66:                   - basic = {
TestTerraformConfluentPlatformExample 2022-07-30T19:37:11Z logger.go:66:                       - debug                    = null
TestTerraformConfluentPlatformExample 2022-07-30T19:37:11Z logger.go:66:                       - directoryPathInContainer = null
TestTerraformConfluentPlatformExample 2022-07-30T19:37:11Z logger.go:66:                       - restrictedRoles          = null
TestTerraformConfluentPlatformExample 2022-07-30T19:37:11Z logger.go:66:                       - roles                    = null
TestTerraformConfluentPlatformExample 2022-07-30T19:37:11Z logger.go:66:                       - secretRef                = null
TestTerraformConfluentPlatformExample 2022-07-30T19:37:11Z logger.go:66:                     }
TestTerraformConfluentPlatformExample 2022-07-30T19:37:11Z logger.go:66:                   - type  = null
TestTerraformConfluentPlatformExample 2022-07-30T19:37:11Z logger.go:66:                 }
TestTerraformConfluentPlatformExample 2022-07-30T19:37:11Z logger.go:66:               - authorization     = {
TestTerraformConfluentPlatformExample 2022-07-30T19:37:11Z logger.go:66:                   - kafkaRestClassRef = {
TestTerraformConfluentPlatformExample 2022-07-30T19:37:11Z logger.go:66:                       - name      = null
TestTerraformConfluentPlatformExample 2022-07-30T19:37:11Z logger.go:66:                       - namespace = null
TestTerraformConfluentPlatformExample 2022-07-30T19:37:11Z logger.go:66:                     }
TestTerraformConfluentPlatformExample 2022-07-30T19:37:11Z logger.go:66:                   - type              = null
TestTerraformConfluentPlatformExample 2022-07-30T19:37:11Z logger.go:66:                 }
TestTerraformConfluentPlatformExample 2022-07-30T19:37:11Z logger.go:66:               - configOverrides   = {
TestTerraformConfluentPlatformExample 2022-07-30T19:37:11Z logger.go:66:                   - jvm    = null
TestTerraformConfluentPlatformExample 2022-07-30T19:37:11Z logger.go:66:                   - log4j  = null
TestTerraformConfluentPlatformExample 2022-07-30T19:37:11Z logger.go:66:                   - server = null
TestTerraformConfluentPlatformExample 2022-07-30T19:37:11Z logger.go:66:                 }
TestTerraformConfluentPlatformExample 2022-07-30T19:37:11Z logger.go:66:               - dependencies      = {
TestTerraformConfluentPlatformExample 2022-07-30T19:37:11Z logger.go:66:                   - interceptor    = {
TestTerraformConfluentPlatformExample 2022-07-30T19:37:11Z logger.go:66:                       - configs   = null
TestTerraformConfluentPlatformExample 2022-07-30T19:37:11Z logger.go:66:                       - consumer  = {
TestTerraformConfluentPlatformExample 2022-07-30T19:37:11Z logger.go:66:                           - authentication    = {
TestTerraformConfluentPlatformExample 2022-07-30T19:37:11Z logger.go:66:                               - jaasConfig            = {
TestTerraformConfluentPlatformExample 2022-07-30T19:37:11Z logger.go:66:                                   - secretRef = null
TestTerraformConfluentPlatformExample 2022-07-30T19:37:11Z logger.go:66:                                 }
TestTerraformConfluentPlatformExample 2022-07-30T19:37:11Z logger.go:66:                               - jaasConfigPassThrough = {
TestTerraformConfluentPlatformExample 2022-07-30T19:37:11Z logger.go:66:                                   - directoryPathInContainer = null
TestTerraformConfluentPlatformExample 2022-07-30T19:37:11Z logger.go:66:                                   - secretRef                = null
TestTerraformConfluentPlatformExample 2022-07-30T19:37:11Z logger.go:66:                                 }
TestTerraformConfluentPlatformExample 2022-07-30T19:37:11Z logger.go:66:                               - oauthbearer           = {
TestTerraformConfluentPlatformExample 2022-07-30T19:37:11Z logger.go:66:                                   - directoryPathInContainer = null
TestTerraformConfluentPlatformExample 2022-07-30T19:37:11Z logger.go:66:                                   - secretRef                = null
TestTerraformConfluentPlatformExample 2022-07-30T19:37:11Z logger.go:66:                                 }
TestTerraformConfluentPlatformExample 2022-07-30T19:37:11Z logger.go:66:                               - type                  = null
TestTerraformConfluentPlatformExample 2022-07-30T19:37:11Z logger.go:66:                             }
TestTerraformConfluentPlatformExample 2022-07-30T19:37:11Z logger.go:66:                           - bootstrapEndpoint = null
TestTerraformConfluentPlatformExample 2022-07-30T19:37:11Z logger.go:66:                           - discovery         = {
TestTerraformConfluentPlatformExample 2022-07-30T19:37:11Z logger.go:66:                               - name      = null
TestTerraformConfluentPlatformExample 2022-07-30T19:37:11Z logger.go:66:                               - namespace = null
TestTerraformConfluentPlatformExample 2022-07-30T19:37:11Z logger.go:66:                               - secretRef = null
TestTerraformConfluentPlatformExample 2022-07-30T19:37:11Z logger.go:66:                             }
TestTerraformConfluentPlatformExample 2022-07-30T19:37:11Z logger.go:66:                           - tls               = {
TestTerraformConfluentPlatformExample 2022-07-30T19:37:11Z logger.go:66:                               - directoryPathInContainer = null
TestTerraformConfluentPlatformExample 2022-07-30T19:37:11Z logger.go:66:                               - enabled                  = null
TestTerraformConfluentPlatformExample 2022-07-30T19:37:11Z logger.go:66:                               - ignoreTrustStoreConfig   = null
TestTerraformConfluentPlatformExample 2022-07-30T19:37:11Z logger.go:66:                               - jksPassword              = {
TestTerraformConfluentPlatformExample 2022-07-30T19:37:11Z logger.go:66:                                   - secretRef = null
TestTerraformConfluentPlatformExample 2022-07-30T19:37:11Z logger.go:66:                                 }
TestTerraformConfluentPlatformExample 2022-07-30T19:37:11Z logger.go:66:                               - secretRef                = null
TestTerraformConfluentPlatformExample 2022-07-30T19:37:11Z logger.go:66:                             }
TestTerraformConfluentPlatformExample 2022-07-30T19:37:11Z logger.go:66:                         }
TestTerraformConfluentPlatformExample 2022-07-30T19:37:11Z logger.go:66:                       - enabled   = null
TestTerraformConfluentPlatformExample 2022-07-30T19:37:11Z logger.go:66:                       - producer  = {
TestTerraformConfluentPlatformExample 2022-07-30T19:37:11Z logger.go:66:                           - authentication    = {
TestTerraformConfluentPlatformExample 2022-07-30T19:37:11Z logger.go:66:                               - jaasConfig            = {
TestTerraformConfluentPlatformExample 2022-07-30T19:37:11Z logger.go:66:                                   - secretRef = null
TestTerraformConfluentPlatformExample 2022-07-30T19:37:11Z logger.go:66:                                 }
TestTerraformConfluentPlatformExample 2022-07-30T19:37:11Z logger.go:66:                               - jaasConfigPassThrough = {
TestTerraformConfluentPlatformExample 2022-07-30T19:37:11Z logger.go:66:                                   - directoryPathInContainer = null
TestTerraformConfluentPlatformExample 2022-07-30T19:37:11Z logger.go:66:                                   - secretRef                = null
TestTerraformConfluentPlatformExample 2022-07-30T19:37:11Z logger.go:66:                                 }
TestTerraformConfluentPlatformExample 2022-07-30T19:37:11Z logger.go:66:                               - oauthbearer           = {
TestTerraformConfluentPlatformExample 2022-07-30T19:37:11Z logger.go:66:                                   - directoryPathInContainer = null
TestTerraformConfluentPlatformExample 2022-07-30T19:37:11Z logger.go:66:                                   - secretRef                = null
TestTerraformConfluentPlatformExample 2022-07-30T19:37:11Z logger.go:66:                                 }
TestTerraformConfluentPlatformExample 2022-07-30T19:37:11Z logger.go:66:                               - type                  = null
TestTerraformConfluentPlatformExample 2022-07-30T19:37:11Z logger.go:66:                             }
TestTerraformConfluentPlatformExample 2022-07-30T19:37:11Z logger.go:66:                           - bootstrapEndpoint = null
TestTerraformConfluentPlatformExample 2022-07-30T19:37:11Z logger.go:66:                           - discovery         = {
TestTerraformConfluentPlatformExample 2022-07-30T19:37:11Z logger.go:66:                               - name      = null
TestTerraformConfluentPlatformExample 2022-07-30T19:37:11Z logger.go:66:                               - namespace = null
TestTerraformConfluentPlatformExample 2022-07-30T19:37:11Z logger.go:66:                               - secretRef = null
TestTerraformConfluentPlatformExample 2022-07-30T19:37:11Z logger.go:66:                             }
TestTerraformConfluentPlatformExample 2022-07-30T19:37:11Z logger.go:66:                           - tls               = {
TestTerraformConfluentPlatformExample 2022-07-30T19:37:11Z logger.go:66:                               - directoryPathInContainer = null
TestTerraformConfluentPlatformExample 2022-07-30T19:37:11Z logger.go:66:                               - enabled                  = null
TestTerraformConfluentPlatformExample 2022-07-30T19:37:11Z logger.go:66:                               - ignoreTrustStoreConfig   = null
TestTerraformConfluentPlatformExample 2022-07-30T19:37:11Z logger.go:66:                               - jksPassword              = {
TestTerraformConfluentPlatformExample 2022-07-30T19:37:11Z logger.go:66:                                   - secretRef = null
TestTerraformConfluentPlatformExample 2022-07-30T19:37:11Z logger.go:66:                                 }
TestTerraformConfluentPlatformExample 2022-07-30T19:37:11Z logger.go:66:                               - secretRef                = null
TestTerraformConfluentPlatformExample 2022-07-30T19:37:11Z logger.go:66:                             }
TestTerraformConfluentPlatformExample 2022-07-30T19:37:11Z logger.go:66:                         }
TestTerraformConfluentPlatformExample 2022-07-30T19:37:11Z logger.go:66:                       - publishMs = null
TestTerraformConfluentPlatformExample 2022-07-30T19:37:11Z logger.go:66:                     }
TestTerraformConfluentPlatformExample 2022-07-30T19:37:11Z logger.go:66:                   - kafka          = {
TestTerraformConfluentPlatformExample 2022-07-30T19:37:11Z logger.go:66:                       - authentication    = {
TestTerraformConfluentPlatformExample 2022-07-30T19:37:11Z logger.go:66:                           - jaasConfig            = {
TestTerraformConfluentPlatformExample 2022-07-30T19:37:11Z logger.go:66:                               - secretRef = null
TestTerraformConfluentPlatformExample 2022-07-30T19:37:11Z logger.go:66:                             }
TestTerraformConfluentPlatformExample 2022-07-30T19:37:11Z logger.go:66:                           - jaasConfigPassThrough = {
TestTerraformConfluentPlatformExample 2022-07-30T19:37:11Z logger.go:66:                               - directoryPathInContainer = null
TestTerraformConfluentPlatformExample 2022-07-30T19:37:11Z logger.go:66:                               - secretRef                = null
TestTerraformConfluentPlatformExample 2022-07-30T19:37:11Z logger.go:66:                             }
TestTerraformConfluentPlatformExample 2022-07-30T19:37:11Z logger.go:66:                           - oauthbearer           = {
TestTerraformConfluentPlatformExample 2022-07-30T19:37:11Z logger.go:66:                               - directoryPathInContainer = null
TestTerraformConfluentPlatformExample 2022-07-30T19:37:11Z logger.go:66:                               - secretRef                = null
TestTerraformConfluentPlatformExample 2022-07-30T19:37:11Z logger.go:66:                             }
TestTerraformConfluentPlatformExample 2022-07-30T19:37:11Z logger.go:66:                           - type                  = null
TestTerraformConfluentPlatformExample 2022-07-30T19:37:11Z logger.go:66:                         }
TestTerraformConfluentPlatformExample 2022-07-30T19:37:11Z logger.go:66:                       - bootstrapEndpoint = null
TestTerraformConfluentPlatformExample 2022-07-30T19:37:11Z logger.go:66:                       - discovery         = {
TestTerraformConfluentPlatformExample 2022-07-30T19:37:11Z logger.go:66:                           - name      = null
TestTerraformConfluentPlatformExample 2022-07-30T19:37:11Z logger.go:66:                           - namespace = null
TestTerraformConfluentPlatformExample 2022-07-30T19:37:11Z logger.go:66:                           - secretRef = null
TestTerraformConfluentPlatformExample 2022-07-30T19:37:11Z logger.go:66:                         }
TestTerraformConfluentPlatformExample 2022-07-30T19:37:11Z logger.go:66:                       - tls               = {
TestTerraformConfluentPlatformExample 2022-07-30T19:37:11Z logger.go:66:                           - directoryPathInContainer = null
TestTerraformConfluentPlatformExample 2022-07-30T19:37:11Z logger.go:66:                           - enabled                  = null
TestTerraformConfluentPlatformExample 2022-07-30T19:37:11Z logger.go:66:                           - ignoreTrustStoreConfig   = null
TestTerraformConfluentPlatformExample 2022-07-30T19:37:11Z logger.go:66:                           - jksPassword              = {
TestTerraformConfluentPlatformExample 2022-07-30T19:37:11Z logger.go:66:                               - secretRef = null
TestTerraformConfluentPlatformExample 2022-07-30T19:37:11Z logger.go:66:                             }
TestTerraformConfluentPlatformExample 2022-07-30T19:37:11Z logger.go:66:                           - secretRef                = null
TestTerraformConfluentPlatformExample 2022-07-30T19:37:11Z logger.go:66:                         }
TestTerraformConfluentPlatformExample 2022-07-30T19:37:11Z logger.go:66:                     }
TestTerraformConfluentPlatformExample 2022-07-30T19:37:11Z logger.go:66:                   - mds            = {
TestTerraformConfluentPlatformExample 2022-07-30T19:37:11Z logger.go:66:                       - authentication = {
TestTerraformConfluentPlatformExample 2022-07-30T19:37:11Z logger.go:66:                           - bearer = {
TestTerraformConfluentPlatformExample 2022-07-30T19:37:11Z logger.go:66:                               - directoryPathInContainer = null
TestTerraformConfluentPlatformExample 2022-07-30T19:37:11Z logger.go:66:                               - secretRef                = null
TestTerraformConfluentPlatformExample 2022-07-30T19:37:11Z logger.go:66:                             }
TestTerraformConfluentPlatformExample 2022-07-30T19:37:11Z logger.go:66:                           - type   = null
TestTerraformConfluentPlatformExample 2022-07-30T19:37:11Z logger.go:66:                         }
TestTerraformConfluentPlatformExample 2022-07-30T19:37:11Z logger.go:66:                       - endpoint       = null
TestTerraformConfluentPlatformExample 2022-07-30T19:37:11Z logger.go:66:                       - tls            = {
TestTerraformConfluentPlatformExample 2022-07-30T19:37:11Z logger.go:66:                           - directoryPathInContainer = null
TestTerraformConfluentPlatformExample 2022-07-30T19:37:11Z logger.go:66:                           - enabled                  = null
TestTerraformConfluentPlatformExample 2022-07-30T19:37:11Z logger.go:66:                           - ignoreTrustStoreConfig   = null
TestTerraformConfluentPlatformExample 2022-07-30T19:37:11Z logger.go:66:                           - jksPassword              = {
TestTerraformConfluentPlatformExample 2022-07-30T19:37:11Z logger.go:66:                               - secretRef = null
TestTerraformConfluentPlatformExample 2022-07-30T19:37:11Z logger.go:66:                             }
TestTerraformConfluentPlatformExample 2022-07-30T19:37:11Z logger.go:66:                           - secretRef                = null
TestTerraformConfluentPlatformExample 2022-07-30T19:37:11Z logger.go:66:                         }
TestTerraformConfluentPlatformExample 2022-07-30T19:37:11Z logger.go:66:                       - tokenKeyPair   = {
TestTerraformConfluentPlatformExample 2022-07-30T19:37:11Z logger.go:66:                           - directoryPathInContainer = null
TestTerraformConfluentPlatformExample 2022-07-30T19:37:11Z logger.go:66:                           - secretRef                = null
TestTerraformConfluentPlatformExample 2022-07-30T19:37:11Z logger.go:66:                         }
TestTerraformConfluentPlatformExample 2022-07-30T19:37:11Z logger.go:66:                     }
TestTerraformConfluentPlatformExample 2022-07-30T19:37:11Z logger.go:66:                   - schemaRegistry = {
TestTerraformConfluentPlatformExample 2022-07-30T19:37:11Z logger.go:66:                       - authentication = {
TestTerraformConfluentPlatformExample 2022-07-30T19:37:11Z logger.go:66:                           - basic = {
TestTerraformConfluentPlatformExample 2022-07-30T19:37:11Z logger.go:66:                               - debug                    = null
TestTerraformConfluentPlatformExample 2022-07-30T19:37:11Z logger.go:66:                               - directoryPathInContainer = null
TestTerraformConfluentPlatformExample 2022-07-30T19:37:11Z logger.go:66:                               - restrictedRoles          = null
TestTerraformConfluentPlatformExample 2022-07-30T19:37:11Z logger.go:66:                               - roles                    = null
TestTerraformConfluentPlatformExample 2022-07-30T19:37:11Z logger.go:66:                               - secretRef                = null
TestTerraformConfluentPlatformExample 2022-07-30T19:37:11Z logger.go:66:                             }
TestTerraformConfluentPlatformExample 2022-07-30T19:37:11Z logger.go:66:                           - type  = null
TestTerraformConfluentPlatformExample 2022-07-30T19:37:11Z logger.go:66:                         }
TestTerraformConfluentPlatformExample 2022-07-30T19:37:11Z logger.go:66:                       - tls            = {
TestTerraformConfluentPlatformExample 2022-07-30T19:37:11Z logger.go:66:                           - directoryPathInContainer = null
TestTerraformConfluentPlatformExample 2022-07-30T19:37:11Z logger.go:66:                           - enabled                  = null
TestTerraformConfluentPlatformExample 2022-07-30T19:37:11Z logger.go:66:                           - ignoreTrustStoreConfig   = null
TestTerraformConfluentPlatformExample 2022-07-30T19:37:11Z logger.go:66:                           - jksPassword              = {
TestTerraformConfluentPlatformExample 2022-07-30T19:37:11Z logger.go:66:                               - secretRef = null
TestTerraformConfluentPlatformExample 2022-07-30T19:37:11Z logger.go:66:                             }
TestTerraformConfluentPlatformExample 2022-07-30T19:37:11Z logger.go:66:                           - secretRef                = null
TestTerraformConfluentPlatformExample 2022-07-30T19:37:11Z logger.go:66:                         }
TestTerraformConfluentPlatformExample 2022-07-30T19:37:11Z logger.go:66:                       - url            = "http://schemaregistry.confluent.svc.cluster.local:8081"
TestTerraformConfluentPlatformExample 2022-07-30T19:37:11Z logger.go:66:                     }
TestTerraformConfluentPlatformExample 2022-07-30T19:37:11Z logger.go:66:                 }
TestTerraformConfluentPlatformExample 2022-07-30T19:37:11Z logger.go:66:               - externalAccess    = {
TestTerraformConfluentPlatformExample 2022-07-30T19:37:11Z logger.go:66:                   - loadBalancer = {
TestTerraformConfluentPlatformExample 2022-07-30T19:37:11Z logger.go:66:                       - advertisedURL            = {
TestTerraformConfluentPlatformExample 2022-07-30T19:37:11Z logger.go:66:                           - enabled = null
TestTerraformConfluentPlatformExample 2022-07-30T19:37:11Z logger.go:66:                           - prefix  = null
TestTerraformConfluentPlatformExample 2022-07-30T19:37:11Z logger.go:66:                         }
TestTerraformConfluentPlatformExample 2022-07-30T19:37:11Z logger.go:66:                       - annotations              = null
TestTerraformConfluentPlatformExample 2022-07-30T19:37:11Z logger.go:66:                       - domain                   = null
TestTerraformConfluentPlatformExample 2022-07-30T19:37:11Z logger.go:66:                       - externalTrafficPolicy    = null
TestTerraformConfluentPlatformExample 2022-07-30T19:37:11Z logger.go:66:                       - labels                   = null
TestTerraformConfluentPlatformExample 2022-07-30T19:37:11Z logger.go:66:                       - loadBalancerSourceRanges = null
TestTerraformConfluentPlatformExample 2022-07-30T19:37:11Z logger.go:66:                       - port                     = null
TestTerraformConfluentPlatformExample 2022-07-30T19:37:11Z logger.go:66:                       - prefix                   = null
TestTerraformConfluentPlatformExample 2022-07-30T19:37:11Z logger.go:66:                       - servicePorts             = null
TestTerraformConfluentPlatformExample 2022-07-30T19:37:11Z logger.go:66:                       - sessionAffinity          = null
TestTerraformConfluentPlatformExample 2022-07-30T19:37:11Z logger.go:66:                       - sessionAffinityConfig    = {
TestTerraformConfluentPlatformExample 2022-07-30T19:37:11Z logger.go:66:                           - clientIP = {
TestTerraformConfluentPlatformExample 2022-07-30T19:37:11Z logger.go:66:                               - timeoutSeconds = null
TestTerraformConfluentPlatformExample 2022-07-30T19:37:11Z logger.go:66:                             }
TestTerraformConfluentPlatformExample 2022-07-30T19:37:11Z logger.go:66:                         }
TestTerraformConfluentPlatformExample 2022-07-30T19:37:11Z logger.go:66:                     }
TestTerraformConfluentPlatformExample 2022-07-30T19:37:11Z logger.go:66:                   - nodePort     = {
TestTerraformConfluentPlatformExample 2022-07-30T19:37:11Z logger.go:66:                       - advertisedURL         = {
TestTerraformConfluentPlatformExample 2022-07-30T19:37:11Z logger.go:66:                           - enabled = null
TestTerraformConfluentPlatformExample 2022-07-30T19:37:11Z logger.go:66:                           - prefix  = null
TestTerraformConfluentPlatformExample 2022-07-30T19:37:11Z logger.go:66:                         }
TestTerraformConfluentPlatformExample 2022-07-30T19:37:11Z logger.go:66:                       - annotations           = null
TestTerraformConfluentPlatformExample 2022-07-30T19:37:11Z logger.go:66:                       - externalTrafficPolicy = null
TestTerraformConfluentPlatformExample 2022-07-30T19:37:11Z logger.go:66:                       - host                  = null
TestTerraformConfluentPlatformExample 2022-07-30T19:37:11Z logger.go:66:                       - labels                = null
TestTerraformConfluentPlatformExample 2022-07-30T19:37:11Z logger.go:66:                       - nodePortOffset        = null
TestTerraformConfluentPlatformExample 2022-07-30T19:37:11Z logger.go:66:                       - servicePorts          = null
TestTerraformConfluentPlatformExample 2022-07-30T19:37:11Z logger.go:66:                       - sessionAffinity       = null
TestTerraformConfluentPlatformExample 2022-07-30T19:37:11Z logger.go:66:                       - sessionAffinityConfig = {
TestTerraformConfluentPlatformExample 2022-07-30T19:37:11Z logger.go:66:                           - clientIP = {
TestTerraformConfluentPlatformExample 2022-07-30T19:37:11Z logger.go:66:                               - timeoutSeconds = null
TestTerraformConfluentPlatformExample 2022-07-30T19:37:11Z logger.go:66:                             }
TestTerraformConfluentPlatformExample 2022-07-30T19:37:11Z logger.go:66:                         }
TestTerraformConfluentPlatformExample 2022-07-30T19:37:11Z logger.go:66:                     }
TestTerraformConfluentPlatformExample 2022-07-30T19:37:11Z logger.go:66:                   - route        = {
TestTerraformConfluentPlatformExample 2022-07-30T19:37:11Z logger.go:66:                       - annotations    = null
TestTerraformConfluentPlatformExample 2022-07-30T19:37:11Z logger.go:66:                       - domain         = null
TestTerraformConfluentPlatformExample 2022-07-30T19:37:11Z logger.go:66:                       - labels         = null
TestTerraformConfluentPlatformExample 2022-07-30T19:37:11Z logger.go:66:                       - prefix         = null
TestTerraformConfluentPlatformExample 2022-07-30T19:37:11Z logger.go:66:                       - wildcardPolicy = null
TestTerraformConfluentPlatformExample 2022-07-30T19:37:11Z logger.go:66:                     }
TestTerraformConfluentPlatformExample 2022-07-30T19:37:11Z logger.go:66:                   - type         = null
TestTerraformConfluentPlatformExample 2022-07-30T19:37:11Z logger.go:66:                 }
TestTerraformConfluentPlatformExample 2022-07-30T19:37:11Z logger.go:66:               - headlessService   = {
TestTerraformConfluentPlatformExample 2022-07-30T19:37:11Z logger.go:66:                   - annotations              = null
TestTerraformConfluentPlatformExample 2022-07-30T19:37:11Z logger.go:66:                   - labels                   = null
TestTerraformConfluentPlatformExample 2022-07-30T19:37:11Z logger.go:66:                   - publishNotReadyAddresses = null
TestTerraformConfluentPlatformExample 2022-07-30T19:37:11Z logger.go:66:                 }
TestTerraformConfluentPlatformExample 2022-07-30T19:37:11Z logger.go:66:               - image             = {
TestTerraformConfluentPlatformExample 2022-07-30T19:37:11Z logger.go:66:                   - application   = "confluentinc/cp-kafka-rest:7.2.0"
TestTerraformConfluentPlatformExample 2022-07-30T19:37:11Z logger.go:66:                   - init          = "confluentinc/confluent-init-container:2.4.0"
TestTerraformConfluentPlatformExample 2022-07-30T19:37:11Z logger.go:66:                   - pullPolicy    = null
TestTerraformConfluentPlatformExample 2022-07-30T19:37:11Z logger.go:66:                   - pullSecretRef = null
TestTerraformConfluentPlatformExample 2022-07-30T19:37:11Z logger.go:66:                 }
TestTerraformConfluentPlatformExample 2022-07-30T19:37:11Z logger.go:66:               - injectAnnotations = null
TestTerraformConfluentPlatformExample 2022-07-30T19:37:11Z logger.go:66:               - injectLabels      = null
TestTerraformConfluentPlatformExample 2022-07-30T19:37:11Z logger.go:66:               - k8sClusterDomain  = null
TestTerraformConfluentPlatformExample 2022-07-30T19:37:11Z logger.go:66:               - license           = {
TestTerraformConfluentPlatformExample 2022-07-30T19:37:11Z logger.go:66:                   - directoryPathInContainer = null
TestTerraformConfluentPlatformExample 2022-07-30T19:37:11Z logger.go:66:                   - globalLicense            = null
TestTerraformConfluentPlatformExample 2022-07-30T19:37:11Z logger.go:66:                   - secretRef                = null
TestTerraformConfluentPlatformExample 2022-07-30T19:37:11Z logger.go:66:                 }
TestTerraformConfluentPlatformExample 2022-07-30T19:37:11Z logger.go:66:               - metrics           = {
TestTerraformConfluentPlatformExample 2022-07-30T19:37:11Z logger.go:66:                   - authentication = {
TestTerraformConfluentPlatformExample 2022-07-30T19:37:11Z logger.go:66:                       - type = null
TestTerraformConfluentPlatformExample 2022-07-30T19:37:11Z logger.go:66:                     }
TestTerraformConfluentPlatformExample 2022-07-30T19:37:11Z logger.go:66:                   - prometheus     = {
TestTerraformConfluentPlatformExample 2022-07-30T19:37:11Z logger.go:66:                       - blacklist = null
TestTerraformConfluentPlatformExample 2022-07-30T19:37:11Z logger.go:66:                       - rules     = null
TestTerraformConfluentPlatformExample 2022-07-30T19:37:11Z logger.go:66:                       - whitelist = null
TestTerraformConfluentPlatformExample 2022-07-30T19:37:11Z logger.go:66:                     }
TestTerraformConfluentPlatformExample 2022-07-30T19:37:11Z logger.go:66:                   - tls            = {
TestTerraformConfluentPlatformExample 2022-07-30T19:37:11Z logger.go:66:                       - directoryPathInContainer = null
TestTerraformConfluentPlatformExample 2022-07-30T19:37:11Z logger.go:66:                       - enabled                  = null
TestTerraformConfluentPlatformExample 2022-07-30T19:37:11Z logger.go:66:                       - ignoreTrustStoreConfig   = null
TestTerraformConfluentPlatformExample 2022-07-30T19:37:11Z logger.go:66:                       - jksPassword              = {
TestTerraformConfluentPlatformExample 2022-07-30T19:37:11Z logger.go:66:                           - secretRef = null
TestTerraformConfluentPlatformExample 2022-07-30T19:37:11Z logger.go:66:                         }
TestTerraformConfluentPlatformExample 2022-07-30T19:37:11Z logger.go:66:                       - secretRef                = null
TestTerraformConfluentPlatformExample 2022-07-30T19:37:11Z logger.go:66:                     }
TestTerraformConfluentPlatformExample 2022-07-30T19:37:11Z logger.go:66:                 }
TestTerraformConfluentPlatformExample 2022-07-30T19:37:11Z logger.go:66:               - mountedSecrets    = null
TestTerraformConfluentPlatformExample 2022-07-30T19:37:11Z logger.go:66:               - mountedVolumes    = {
TestTerraformConfluentPlatformExample 2022-07-30T19:37:11Z logger.go:66:                   - volumeMounts = null
TestTerraformConfluentPlatformExample 2022-07-30T19:37:11Z logger.go:66:                   - volumes      = null
TestTerraformConfluentPlatformExample 2022-07-30T19:37:11Z logger.go:66:                 }
TestTerraformConfluentPlatformExample 2022-07-30T19:37:11Z logger.go:66:               - oneReplicaPerNode = null
TestTerraformConfluentPlatformExample 2022-07-30T19:37:11Z logger.go:66:               - podTemplate       = {
TestTerraformConfluentPlatformExample 2022-07-30T19:37:11Z logger.go:66:                   - affinity                      = {
TestTerraformConfluentPlatformExample 2022-07-30T19:37:11Z logger.go:66:                       - nodeAffinity    = {
TestTerraformConfluentPlatformExample 2022-07-30T19:37:11Z logger.go:66:                           - preferredDuringSchedulingIgnoredDuringExecution = null
TestTerraformConfluentPlatformExample 2022-07-30T19:37:11Z logger.go:66:                           - requiredDuringSchedulingIgnoredDuringExecution  = {
TestTerraformConfluentPlatformExample 2022-07-30T19:37:11Z logger.go:66:                               - nodeSelectorTerms = null
TestTerraformConfluentPlatformExample 2022-07-30T19:37:11Z logger.go:66:                             }
TestTerraformConfluentPlatformExample 2022-07-30T19:37:11Z logger.go:66:                         }
TestTerraformConfluentPlatformExample 2022-07-30T19:37:11Z logger.go:66:                       - podAffinity     = {
TestTerraformConfluentPlatformExample 2022-07-30T19:37:11Z logger.go:66:                           - preferredDuringSchedulingIgnoredDuringExecution = null
TestTerraformConfluentPlatformExample 2022-07-30T19:37:11Z logger.go:66:                           - requiredDuringSchedulingIgnoredDuringExecution  = null
TestTerraformConfluentPlatformExample 2022-07-30T19:37:11Z logger.go:66:                         }
TestTerraformConfluentPlatformExample 2022-07-30T19:37:11Z logger.go:66:                       - podAntiAffinity = {
TestTerraformConfluentPlatformExample 2022-07-30T19:37:11Z logger.go:66:                           - preferredDuringSchedulingIgnoredDuringExecution = null
TestTerraformConfluentPlatformExample 2022-07-30T19:37:11Z logger.go:66:                           - requiredDuringSchedulingIgnoredDuringExecution  = null
TestTerraformConfluentPlatformExample 2022-07-30T19:37:11Z logger.go:66:                         }
TestTerraformConfluentPlatformExample 2022-07-30T19:37:11Z logger.go:66:                     }
TestTerraformConfluentPlatformExample 2022-07-30T19:37:11Z logger.go:66:                   - annotations                   = null
TestTerraformConfluentPlatformExample 2022-07-30T19:37:11Z logger.go:66:                   - envVars                       = null
TestTerraformConfluentPlatformExample 2022-07-30T19:37:11Z logger.go:66:                   - labels                        = null
TestTerraformConfluentPlatformExample 2022-07-30T19:37:11Z logger.go:66:                   - podSecurityContext            = {
TestTerraformConfluentPlatformExample 2022-07-30T19:37:11Z logger.go:66:                       - fsGroup             = null
TestTerraformConfluentPlatformExample 2022-07-30T19:37:11Z logger.go:66:                       - fsGroupChangePolicy = null
TestTerraformConfluentPlatformExample 2022-07-30T19:37:11Z logger.go:66:                       - runAsGroup          = null
TestTerraformConfluentPlatformExample 2022-07-30T19:37:11Z logger.go:66:                       - runAsNonRoot        = null
TestTerraformConfluentPlatformExample 2022-07-30T19:37:11Z logger.go:66:                       - runAsUser           = null
TestTerraformConfluentPlatformExample 2022-07-30T19:37:11Z logger.go:66:                       - seLinuxOptions      = {
TestTerraformConfluentPlatformExample 2022-07-30T19:37:11Z logger.go:66:                           - level = null
TestTerraformConfluentPlatformExample 2022-07-30T19:37:11Z logger.go:66:                           - role  = null
TestTerraformConfluentPlatformExample 2022-07-30T19:37:11Z logger.go:66:                           - type  = null
TestTerraformConfluentPlatformExample 2022-07-30T19:37:11Z logger.go:66:                           - user  = null
TestTerraformConfluentPlatformExample 2022-07-30T19:37:11Z logger.go:66:                         }
TestTerraformConfluentPlatformExample 2022-07-30T19:37:11Z logger.go:66:                       - seccompProfile      = {
TestTerraformConfluentPlatformExample 2022-07-30T19:37:11Z logger.go:66:                           - localhostProfile = null
TestTerraformConfluentPlatformExample 2022-07-30T19:37:11Z logger.go:66:                           - type             = null
TestTerraformConfluentPlatformExample 2022-07-30T19:37:11Z logger.go:66:                         }
TestTerraformConfluentPlatformExample 2022-07-30T19:37:11Z logger.go:66:                       - supplementalGroups  = null
TestTerraformConfluentPlatformExample 2022-07-30T19:37:11Z logger.go:66:                       - sysctls             = null
TestTerraformConfluentPlatformExample 2022-07-30T19:37:11Z logger.go:66:                       - windowsOptions      = {
TestTerraformConfluentPlatformExample 2022-07-30T19:37:11Z logger.go:66:                           - gmsaCredentialSpec     = null
TestTerraformConfluentPlatformExample 2022-07-30T19:37:11Z logger.go:66:                           - gmsaCredentialSpecName = null
TestTerraformConfluentPlatformExample 2022-07-30T19:37:11Z logger.go:66:                           - hostProcess            = null
TestTerraformConfluentPlatformExample 2022-07-30T19:37:11Z logger.go:66:                           - runAsUserName          = null
TestTerraformConfluentPlatformExample 2022-07-30T19:37:11Z logger.go:66:                         }
TestTerraformConfluentPlatformExample 2022-07-30T19:37:11Z logger.go:66:                     }
TestTerraformConfluentPlatformExample 2022-07-30T19:37:11Z logger.go:66:                   - priorityClassName             = null
TestTerraformConfluentPlatformExample 2022-07-30T19:37:11Z logger.go:66:                   - probe                         = {
TestTerraformConfluentPlatformExample 2022-07-30T19:37:11Z logger.go:66:                       - liveness  = {
TestTerraformConfluentPlatformExample 2022-07-30T19:37:11Z logger.go:66:                           - failureThreshold    = null
TestTerraformConfluentPlatformExample 2022-07-30T19:37:11Z logger.go:66:                           - initialDelaySeconds = null
TestTerraformConfluentPlatformExample 2022-07-30T19:37:11Z logger.go:66:                           - periodSeconds       = null
TestTerraformConfluentPlatformExample 2022-07-30T19:37:11Z logger.go:66:                           - successThreshold    = null
TestTerraformConfluentPlatformExample 2022-07-30T19:37:11Z logger.go:66:                           - timeoutSeconds      = null
TestTerraformConfluentPlatformExample 2022-07-30T19:37:11Z logger.go:66:                         }
TestTerraformConfluentPlatformExample 2022-07-30T19:37:11Z logger.go:66:                       - readiness = {
TestTerraformConfluentPlatformExample 2022-07-30T19:37:11Z logger.go:66:                           - failureThreshold    = null
TestTerraformConfluentPlatformExample 2022-07-30T19:37:11Z logger.go:66:                           - initialDelaySeconds = null
TestTerraformConfluentPlatformExample 2022-07-30T19:37:11Z logger.go:66:                           - periodSeconds       = null
TestTerraformConfluentPlatformExample 2022-07-30T19:37:11Z logger.go:66:                           - successThreshold    = null
TestTerraformConfluentPlatformExample 2022-07-30T19:37:11Z logger.go:66:                           - timeoutSeconds      = null
TestTerraformConfluentPlatformExample 2022-07-30T19:37:11Z logger.go:66:                         }
TestTerraformConfluentPlatformExample 2022-07-30T19:37:11Z logger.go:66:                     }
TestTerraformConfluentPlatformExample 2022-07-30T19:37:11Z logger.go:66:                   - resources                     = {
TestTerraformConfluentPlatformExample 2022-07-30T19:37:11Z logger.go:66:                       - limits   = null
TestTerraformConfluentPlatformExample 2022-07-30T19:37:11Z logger.go:66:                       - requests = null
TestTerraformConfluentPlatformExample 2022-07-30T19:37:11Z logger.go:66:                     }
TestTerraformConfluentPlatformExample 2022-07-30T19:37:11Z logger.go:66:                   - securityContext               = {
TestTerraformConfluentPlatformExample 2022-07-30T19:37:11Z logger.go:66:                       - allowPrivilegeEscalation = null
TestTerraformConfluentPlatformExample 2022-07-30T19:37:11Z logger.go:66:                       - capabilities             = {
TestTerraformConfluentPlatformExample 2022-07-30T19:37:11Z logger.go:66:                           - add  = null
TestTerraformConfluentPlatformExample 2022-07-30T19:37:11Z logger.go:66:                           - drop = null
TestTerraformConfluentPlatformExample 2022-07-30T19:37:11Z logger.go:66:                         }
TestTerraformConfluentPlatformExample 2022-07-30T19:37:11Z logger.go:66:                       - privileged               = null
TestTerraformConfluentPlatformExample 2022-07-30T19:37:11Z logger.go:66:                       - procMount                = null
TestTerraformConfluentPlatformExample 2022-07-30T19:37:11Z logger.go:66:                       - readOnlyRootFilesystem   = null
TestTerraformConfluentPlatformExample 2022-07-30T19:37:11Z logger.go:66:                       - runAsGroup               = null
TestTerraformConfluentPlatformExample 2022-07-30T19:37:11Z logger.go:66:                       - runAsNonRoot             = null
TestTerraformConfluentPlatformExample 2022-07-30T19:37:11Z logger.go:66:                       - runAsUser                = null
TestTerraformConfluentPlatformExample 2022-07-30T19:37:11Z logger.go:66:                       - seLinuxOptions           = {
TestTerraformConfluentPlatformExample 2022-07-30T19:37:11Z logger.go:66:                           - level = null
TestTerraformConfluentPlatformExample 2022-07-30T19:37:11Z logger.go:66:                           - role  = null
TestTerraformConfluentPlatformExample 2022-07-30T19:37:11Z logger.go:66:                           - type  = null
TestTerraformConfluentPlatformExample 2022-07-30T19:37:11Z logger.go:66:                           - user  = null
TestTerraformConfluentPlatformExample 2022-07-30T19:37:11Z logger.go:66:                         }
TestTerraformConfluentPlatformExample 2022-07-30T19:37:11Z logger.go:66:                       - seccompProfile           = {
TestTerraformConfluentPlatformExample 2022-07-30T19:37:11Z logger.go:66:                           - localhostProfile = null
TestTerraformConfluentPlatformExample 2022-07-30T19:37:11Z logger.go:66:                           - type             = null
TestTerraformConfluentPlatformExample 2022-07-30T19:37:11Z logger.go:66:                         }
TestTerraformConfluentPlatformExample 2022-07-30T19:37:11Z logger.go:66:                       - windowsOptions           = {
TestTerraformConfluentPlatformExample 2022-07-30T19:37:11Z logger.go:66:                           - gmsaCredentialSpec     = null
TestTerraformConfluentPlatformExample 2022-07-30T19:37:11Z logger.go:66:                           - gmsaCredentialSpecName = null
TestTerraformConfluentPlatformExample 2022-07-30T19:37:11Z logger.go:66:                           - hostProcess            = null
TestTerraformConfluentPlatformExample 2022-07-30T19:37:11Z logger.go:66:                           - runAsUserName          = null
TestTerraformConfluentPlatformExample 2022-07-30T19:37:11Z logger.go:66:                         }
TestTerraformConfluentPlatformExample 2022-07-30T19:37:11Z logger.go:66:                     }
TestTerraformConfluentPlatformExample 2022-07-30T19:37:11Z logger.go:66:                   - serviceAccountName            = null
TestTerraformConfluentPlatformExample 2022-07-30T19:37:11Z logger.go:66:                   - terminationGracePeriodSeconds = null
TestTerraformConfluentPlatformExample 2022-07-30T19:37:11Z logger.go:66:                   - tolerations                   = null
TestTerraformConfluentPlatformExample 2022-07-30T19:37:11Z logger.go:66:                   - topologySpreadConstraints     = null
TestTerraformConfluentPlatformExample 2022-07-30T19:37:11Z logger.go:66:                 }
TestTerraformConfluentPlatformExample 2022-07-30T19:37:11Z logger.go:66:               - replicas          = 1
TestTerraformConfluentPlatformExample 2022-07-30T19:37:11Z logger.go:66:               - telemetry         = {
TestTerraformConfluentPlatformExample 2022-07-30T19:37:11Z logger.go:66:                   - global = null
TestTerraformConfluentPlatformExample 2022-07-30T19:37:11Z logger.go:66:                 }
TestTerraformConfluentPlatformExample 2022-07-30T19:37:11Z logger.go:66:               - tls               = {
TestTerraformConfluentPlatformExample 2022-07-30T19:37:11Z logger.go:66:                   - autoGeneratedCerts       = null
TestTerraformConfluentPlatformExample 2022-07-30T19:37:11Z logger.go:66:                   - directoryPathInContainer = null
TestTerraformConfluentPlatformExample 2022-07-30T19:37:11Z logger.go:66:                   - ignoreTrustStoreConfig   = null
TestTerraformConfluentPlatformExample 2022-07-30T19:37:11Z logger.go:66:                   - jksPassword              = {
TestTerraformConfluentPlatformExample 2022-07-30T19:37:11Z logger.go:66:                       - secretRef = null
TestTerraformConfluentPlatformExample 2022-07-30T19:37:11Z logger.go:66:                     }
TestTerraformConfluentPlatformExample 2022-07-30T19:37:11Z logger.go:66:                   - secretRef                = null
TestTerraformConfluentPlatformExample 2022-07-30T19:37:11Z logger.go:66:                 }
TestTerraformConfluentPlatformExample 2022-07-30T19:37:11Z logger.go:66:             }
TestTerraformConfluentPlatformExample 2022-07-30T19:37:11Z logger.go:66:         } -> null
TestTerraformConfluentPlatformExample 2022-07-30T19:37:11Z logger.go:66:
TestTerraformConfluentPlatformExample 2022-07-30T19:37:11Z logger.go:66:       - timeouts {
TestTerraformConfluentPlatformExample 2022-07-30T19:37:11Z logger.go:66:           - create = "1h" -> null
TestTerraformConfluentPlatformExample 2022-07-30T19:37:11Z logger.go:66:           - delete = "10m" -> null
TestTerraformConfluentPlatformExample 2022-07-30T19:37:11Z logger.go:66:           - update = "1h" -> null
TestTerraformConfluentPlatformExample 2022-07-30T19:37:11Z logger.go:66:         }
TestTerraformConfluentPlatformExample 2022-07-30T19:37:11Z logger.go:66:
TestTerraformConfluentPlatformExample 2022-07-30T19:37:11Z logger.go:66:       - wait {
TestTerraformConfluentPlatformExample 2022-07-30T19:37:11Z logger.go:66:           - fields = {
TestTerraformConfluentPlatformExample 2022-07-30T19:37:11Z logger.go:66:               - "status.phase" = "RUNNING"
TestTerraformConfluentPlatformExample 2022-07-30T19:37:11Z logger.go:66:             } -> null
TestTerraformConfluentPlatformExample 2022-07-30T19:37:11Z logger.go:66:         }
TestTerraformConfluentPlatformExample 2022-07-30T19:37:11Z logger.go:66:     }
TestTerraformConfluentPlatformExample 2022-07-30T19:37:11Z logger.go:66:
TestTerraformConfluentPlatformExample 2022-07-30T19:37:11Z logger.go:66:   # module.confluent_platform.kubernetes_manifest.component["ksqldb"] will be destroyed
TestTerraformConfluentPlatformExample 2022-07-30T19:37:11Z logger.go:66:   - resource "kubernetes_manifest" "component" {
TestTerraformConfluentPlatformExample 2022-07-30T19:37:11Z logger.go:66:       - computed_fields = [
TestTerraformConfluentPlatformExample 2022-07-30T19:37:11Z logger.go:66:           - "metadata.finalizers",
TestTerraformConfluentPlatformExample 2022-07-30T19:37:11Z logger.go:66:         ] -> null
TestTerraformConfluentPlatformExample 2022-07-30T19:37:11Z logger.go:66:       - manifest        = {
TestTerraformConfluentPlatformExample 2022-07-30T19:37:11Z logger.go:66:           - apiVersion = "platform.confluent.io/v1beta1"
TestTerraformConfluentPlatformExample 2022-07-30T19:37:11Z logger.go:66:           - kind       = "KsqlDB"
TestTerraformConfluentPlatformExample 2022-07-30T19:37:11Z logger.go:66:           - metadata   = {
TestTerraformConfluentPlatformExample 2022-07-30T19:37:11Z logger.go:66:               - name      = "ksqldb"
TestTerraformConfluentPlatformExample 2022-07-30T19:37:11Z logger.go:66:               - namespace = "confluent"
TestTerraformConfluentPlatformExample 2022-07-30T19:37:11Z logger.go:66:             }
TestTerraformConfluentPlatformExample 2022-07-30T19:37:11Z logger.go:66:           - spec       = {
TestTerraformConfluentPlatformExample 2022-07-30T19:37:11Z logger.go:66:               - dataVolumeCapacity = "10Gi"
TestTerraformConfluentPlatformExample 2022-07-30T19:37:11Z logger.go:66:               - image              = {
TestTerraformConfluentPlatformExample 2022-07-30T19:37:11Z logger.go:66:                   - application = "confluentinc/cp-ksqldb-server:7.2.0"
TestTerraformConfluentPlatformExample 2022-07-30T19:37:11Z logger.go:66:                   - init        = "confluentinc/confluent-init-container:2.4.0"
TestTerraformConfluentPlatformExample 2022-07-30T19:37:11Z logger.go:66:                 }
TestTerraformConfluentPlatformExample 2022-07-30T19:37:11Z logger.go:66:               - replicas           = 1
TestTerraformConfluentPlatformExample 2022-07-30T19:37:11Z logger.go:66:             }
TestTerraformConfluentPlatformExample 2022-07-30T19:37:11Z logger.go:66:         } -> null
TestTerraformConfluentPlatformExample 2022-07-30T19:37:11Z logger.go:66:       - object          = {
TestTerraformConfluentPlatformExample 2022-07-30T19:37:11Z logger.go:66:           - apiVersion = "platform.confluent.io/v1beta1"
TestTerraformConfluentPlatformExample 2022-07-30T19:37:11Z logger.go:66:           - kind       = "KsqlDB"
TestTerraformConfluentPlatformExample 2022-07-30T19:37:11Z logger.go:66:           - metadata   = {
TestTerraformConfluentPlatformExample 2022-07-30T19:37:11Z logger.go:66:               - annotations                = null
TestTerraformConfluentPlatformExample 2022-07-30T19:37:11Z logger.go:66:               - clusterName                = null
TestTerraformConfluentPlatformExample 2022-07-30T19:37:11Z logger.go:66:               - creationTimestamp          = null
TestTerraformConfluentPlatformExample 2022-07-30T19:37:11Z logger.go:66:               - deletionGracePeriodSeconds = null
TestTerraformConfluentPlatformExample 2022-07-30T19:37:11Z logger.go:66:               - deletionTimestamp          = null
TestTerraformConfluentPlatformExample 2022-07-30T19:37:11Z logger.go:66:               - finalizers                 = [
TestTerraformConfluentPlatformExample 2022-07-30T19:37:11Z logger.go:66:                   - "ksqldb.finalizers.platform.confluent.io",
TestTerraformConfluentPlatformExample 2022-07-30T19:37:11Z logger.go:66:                 ]
TestTerraformConfluentPlatformExample 2022-07-30T19:37:11Z logger.go:66:               - generateName               = null
TestTerraformConfluentPlatformExample 2022-07-30T19:37:11Z logger.go:66:               - generation                 = null
TestTerraformConfluentPlatformExample 2022-07-30T19:37:11Z logger.go:66:               - labels                     = null
TestTerraformConfluentPlatformExample 2022-07-30T19:37:11Z logger.go:66:               - managedFields              = null
TestTerraformConfluentPlatformExample 2022-07-30T19:37:11Z logger.go:66:               - name                       = "ksqldb"
TestTerraformConfluentPlatformExample 2022-07-30T19:37:11Z logger.go:66:               - namespace                  = "confluent"
TestTerraformConfluentPlatformExample 2022-07-30T19:37:11Z logger.go:66:               - ownerReferences            = null
TestTerraformConfluentPlatformExample 2022-07-30T19:37:11Z logger.go:66:               - resourceVersion            = null
TestTerraformConfluentPlatformExample 2022-07-30T19:37:11Z logger.go:66:               - selfLink                   = null
TestTerraformConfluentPlatformExample 2022-07-30T19:37:11Z logger.go:66:               - uid                        = null
TestTerraformConfluentPlatformExample 2022-07-30T19:37:11Z logger.go:66:             }
TestTerraformConfluentPlatformExample 2022-07-30T19:37:11Z logger.go:66:           - spec       = {
TestTerraformConfluentPlatformExample 2022-07-30T19:37:11Z logger.go:66:               - authentication                 = {
TestTerraformConfluentPlatformExample 2022-07-30T19:37:11Z logger.go:66:                   - basic = {
TestTerraformConfluentPlatformExample 2022-07-30T19:37:11Z logger.go:66:                       - debug                    = null
TestTerraformConfluentPlatformExample 2022-07-30T19:37:11Z logger.go:66:                       - directoryPathInContainer = null
TestTerraformConfluentPlatformExample 2022-07-30T19:37:11Z logger.go:66:                       - restrictedRoles          = null
TestTerraformConfluentPlatformExample 2022-07-30T19:37:11Z logger.go:66:                       - roles                    = null
TestTerraformConfluentPlatformExample 2022-07-30T19:37:11Z logger.go:66:                       - secretRef                = null
TestTerraformConfluentPlatformExample 2022-07-30T19:37:11Z logger.go:66:                     }
TestTerraformConfluentPlatformExample 2022-07-30T19:37:11Z logger.go:66:                   - type  = null
TestTerraformConfluentPlatformExample 2022-07-30T19:37:11Z logger.go:66:                 }
TestTerraformConfluentPlatformExample 2022-07-30T19:37:11Z logger.go:66:               - authorization                  = {
TestTerraformConfluentPlatformExample 2022-07-30T19:37:11Z logger.go:66:                   - kafkaRestClassRef = {
TestTerraformConfluentPlatformExample 2022-07-30T19:37:11Z logger.go:66:                       - name      = null
TestTerraformConfluentPlatformExample 2022-07-30T19:37:11Z logger.go:66:                       - namespace = null
TestTerraformConfluentPlatformExample 2022-07-30T19:37:11Z logger.go:66:                     }
TestTerraformConfluentPlatformExample 2022-07-30T19:37:11Z logger.go:66:                   - type              = null
TestTerraformConfluentPlatformExample 2022-07-30T19:37:11Z logger.go:66:                 }
TestTerraformConfluentPlatformExample 2022-07-30T19:37:11Z logger.go:66:               - configOverrides                = {
TestTerraformConfluentPlatformExample 2022-07-30T19:37:11Z logger.go:66:                   - jvm    = null
TestTerraformConfluentPlatformExample 2022-07-30T19:37:11Z logger.go:66:                   - log4j  = null
TestTerraformConfluentPlatformExample 2022-07-30T19:37:11Z logger.go:66:                   - server = null
TestTerraformConfluentPlatformExample 2022-07-30T19:37:11Z logger.go:66:                 }
TestTerraformConfluentPlatformExample 2022-07-30T19:37:11Z logger.go:66:               - dataVolumeCapacity             = "10Gi"
TestTerraformConfluentPlatformExample 2022-07-30T19:37:11Z logger.go:66:               - dependencies                   = {
TestTerraformConfluentPlatformExample 2022-07-30T19:37:11Z logger.go:66:                   - interceptor    = {
TestTerraformConfluentPlatformExample 2022-07-30T19:37:11Z logger.go:66:                       - configs   = null
TestTerraformConfluentPlatformExample 2022-07-30T19:37:11Z logger.go:66:                       - consumer  = {
TestTerraformConfluentPlatformExample 2022-07-30T19:37:11Z logger.go:66:                           - authentication    = {
TestTerraformConfluentPlatformExample 2022-07-30T19:37:11Z logger.go:66:                               - jaasConfig            = {
TestTerraformConfluentPlatformExample 2022-07-30T19:37:11Z logger.go:66:                                   - secretRef = null
TestTerraformConfluentPlatformExample 2022-07-30T19:37:11Z logger.go:66:                                 }
TestTerraformConfluentPlatformExample 2022-07-30T19:37:11Z logger.go:66:                               - jaasConfigPassThrough = {
TestTerraformConfluentPlatformExample 2022-07-30T19:37:11Z logger.go:66:                                   - directoryPathInContainer = null
TestTerraformConfluentPlatformExample 2022-07-30T19:37:11Z logger.go:66:                                   - secretRef                = null
TestTerraformConfluentPlatformExample 2022-07-30T19:37:11Z logger.go:66:                                 }
TestTerraformConfluentPlatformExample 2022-07-30T19:37:11Z logger.go:66:                               - oauthbearer           = {
TestTerraformConfluentPlatformExample 2022-07-30T19:37:11Z logger.go:66:                                   - directoryPathInContainer = null
TestTerraformConfluentPlatformExample 2022-07-30T19:37:11Z logger.go:66:                                   - secretRef                = null
TestTerraformConfluentPlatformExample 2022-07-30T19:37:11Z logger.go:66:                                 }
TestTerraformConfluentPlatformExample 2022-07-30T19:37:11Z logger.go:66:                               - type                  = null
TestTerraformConfluentPlatformExample 2022-07-30T19:37:11Z logger.go:66:                             }
TestTerraformConfluentPlatformExample 2022-07-30T19:37:11Z logger.go:66:                           - bootstrapEndpoint = null
TestTerraformConfluentPlatformExample 2022-07-30T19:37:11Z logger.go:66:                           - discovery         = {
TestTerraformConfluentPlatformExample 2022-07-30T19:37:11Z logger.go:66:                               - name      = null
TestTerraformConfluentPlatformExample 2022-07-30T19:37:11Z logger.go:66:                               - namespace = null
TestTerraformConfluentPlatformExample 2022-07-30T19:37:11Z logger.go:66:                               - secretRef = null
TestTerraformConfluentPlatformExample 2022-07-30T19:37:11Z logger.go:66:                             }
TestTerraformConfluentPlatformExample 2022-07-30T19:37:11Z logger.go:66:                           - tls               = {
TestTerraformConfluentPlatformExample 2022-07-30T19:37:11Z logger.go:66:                               - directoryPathInContainer = null
TestTerraformConfluentPlatformExample 2022-07-30T19:37:11Z logger.go:66:                               - enabled                  = null
TestTerraformConfluentPlatformExample 2022-07-30T19:37:11Z logger.go:66:                               - ignoreTrustStoreConfig   = null
TestTerraformConfluentPlatformExample 2022-07-30T19:37:11Z logger.go:66:                               - jksPassword              = {
TestTerraformConfluentPlatformExample 2022-07-30T19:37:11Z logger.go:66:                                   - secretRef = null
TestTerraformConfluentPlatformExample 2022-07-30T19:37:11Z logger.go:66:                                 }
TestTerraformConfluentPlatformExample 2022-07-30T19:37:11Z logger.go:66:                               - secretRef                = null
TestTerraformConfluentPlatformExample 2022-07-30T19:37:11Z logger.go:66:                             }
TestTerraformConfluentPlatformExample 2022-07-30T19:37:11Z logger.go:66:                         }
TestTerraformConfluentPlatformExample 2022-07-30T19:37:11Z logger.go:66:                       - enabled   = null
TestTerraformConfluentPlatformExample 2022-07-30T19:37:11Z logger.go:66:                       - producer  = {
TestTerraformConfluentPlatformExample 2022-07-30T19:37:11Z logger.go:66:                           - authentication    = {
TestTerraformConfluentPlatformExample 2022-07-30T19:37:11Z logger.go:66:                               - jaasConfig            = {
TestTerraformConfluentPlatformExample 2022-07-30T19:37:11Z logger.go:66:                                   - secretRef = null
TestTerraformConfluentPlatformExample 2022-07-30T19:37:11Z logger.go:66:                                 }
TestTerraformConfluentPlatformExample 2022-07-30T19:37:11Z logger.go:66:                               - jaasConfigPassThrough = {
TestTerraformConfluentPlatformExample 2022-07-30T19:37:11Z logger.go:66:                                   - directoryPathInContainer = null
TestTerraformConfluentPlatformExample 2022-07-30T19:37:11Z logger.go:66:                                   - secretRef                = null
TestTerraformConfluentPlatformExample 2022-07-30T19:37:11Z logger.go:66:                                 }
TestTerraformConfluentPlatformExample 2022-07-30T19:37:11Z logger.go:66:                               - oauthbearer           = {
TestTerraformConfluentPlatformExample 2022-07-30T19:37:11Z logger.go:66:                                   - directoryPathInContainer = null
TestTerraformConfluentPlatformExample 2022-07-30T19:37:11Z logger.go:66:                                   - secretRef                = null
TestTerraformConfluentPlatformExample 2022-07-30T19:37:11Z logger.go:66:                                 }
TestTerraformConfluentPlatformExample 2022-07-30T19:37:11Z logger.go:66:                               - type                  = null
TestTerraformConfluentPlatformExample 2022-07-30T19:37:11Z logger.go:66:                             }
TestTerraformConfluentPlatformExample 2022-07-30T19:37:11Z logger.go:66:                           - bootstrapEndpoint = null
TestTerraformConfluentPlatformExample 2022-07-30T19:37:11Z logger.go:66:                           - discovery         = {
TestTerraformConfluentPlatformExample 2022-07-30T19:37:11Z logger.go:66:                               - name      = null
TestTerraformConfluentPlatformExample 2022-07-30T19:37:11Z logger.go:66:                               - namespace = null
TestTerraformConfluentPlatformExample 2022-07-30T19:37:11Z logger.go:66:                               - secretRef = null
TestTerraformConfluentPlatformExample 2022-07-30T19:37:11Z logger.go:66:                             }
TestTerraformConfluentPlatformExample 2022-07-30T19:37:11Z logger.go:66:                           - tls               = {
TestTerraformConfluentPlatformExample 2022-07-30T19:37:11Z logger.go:66:                               - directoryPathInContainer = null
TestTerraformConfluentPlatformExample 2022-07-30T19:37:11Z logger.go:66:                               - enabled                  = null
TestTerraformConfluentPlatformExample 2022-07-30T19:37:11Z logger.go:66:                               - ignoreTrustStoreConfig   = null
TestTerraformConfluentPlatformExample 2022-07-30T19:37:11Z logger.go:66:                               - jksPassword              = {
TestTerraformConfluentPlatformExample 2022-07-30T19:37:11Z logger.go:66:                                   - secretRef = null
TestTerraformConfluentPlatformExample 2022-07-30T19:37:11Z logger.go:66:                                 }
TestTerraformConfluentPlatformExample 2022-07-30T19:37:11Z logger.go:66:                               - secretRef                = null
TestTerraformConfluentPlatformExample 2022-07-30T19:37:11Z logger.go:66:                             }
TestTerraformConfluentPlatformExample 2022-07-30T19:37:11Z logger.go:66:                         }
TestTerraformConfluentPlatformExample 2022-07-30T19:37:11Z logger.go:66:                       - publishMs = null
TestTerraformConfluentPlatformExample 2022-07-30T19:37:11Z logger.go:66:                     }
TestTerraformConfluentPlatformExample 2022-07-30T19:37:11Z logger.go:66:                   - kafka          = {
TestTerraformConfluentPlatformExample 2022-07-30T19:37:11Z logger.go:66:                       - authentication    = {
TestTerraformConfluentPlatformExample 2022-07-30T19:37:11Z logger.go:66:                           - jaasConfig            = {
TestTerraformConfluentPlatformExample 2022-07-30T19:37:11Z logger.go:66:                               - secretRef = null
TestTerraformConfluentPlatformExample 2022-07-30T19:37:11Z logger.go:66:                             }
TestTerraformConfluentPlatformExample 2022-07-30T19:37:11Z logger.go:66:                           - jaasConfigPassThrough = {
TestTerraformConfluentPlatformExample 2022-07-30T19:37:11Z logger.go:66:                               - directoryPathInContainer = null
TestTerraformConfluentPlatformExample 2022-07-30T19:37:11Z logger.go:66:                               - secretRef                = null
TestTerraformConfluentPlatformExample 2022-07-30T19:37:11Z logger.go:66:                             }
TestTerraformConfluentPlatformExample 2022-07-30T19:37:11Z logger.go:66:                           - oauthbearer           = {
TestTerraformConfluentPlatformExample 2022-07-30T19:37:11Z logger.go:66:                               - directoryPathInContainer = null
TestTerraformConfluentPlatformExample 2022-07-30T19:37:11Z logger.go:66:                               - secretRef                = null
TestTerraformConfluentPlatformExample 2022-07-30T19:37:11Z logger.go:66:                             }
TestTerraformConfluentPlatformExample 2022-07-30T19:37:11Z logger.go:66:                           - type                  = null
TestTerraformConfluentPlatformExample 2022-07-30T19:37:11Z logger.go:66:                         }
TestTerraformConfluentPlatformExample 2022-07-30T19:37:11Z logger.go:66:                       - bootstrapEndpoint = null
TestTerraformConfluentPlatformExample 2022-07-30T19:37:11Z logger.go:66:                       - discovery         = {
TestTerraformConfluentPlatformExample 2022-07-30T19:37:11Z logger.go:66:                           - name      = null
TestTerraformConfluentPlatformExample 2022-07-30T19:37:11Z logger.go:66:                           - namespace = null
TestTerraformConfluentPlatformExample 2022-07-30T19:37:11Z logger.go:66:                           - secretRef = null
TestTerraformConfluentPlatformExample 2022-07-30T19:37:11Z logger.go:66:                         }
TestTerraformConfluentPlatformExample 2022-07-30T19:37:11Z logger.go:66:                       - tls               = {
TestTerraformConfluentPlatformExample 2022-07-30T19:37:11Z logger.go:66:                           - directoryPathInContainer = null
TestTerraformConfluentPlatformExample 2022-07-30T19:37:11Z logger.go:66:                           - enabled                  = null
TestTerraformConfluentPlatformExample 2022-07-30T19:37:11Z logger.go:66:                           - ignoreTrustStoreConfig   = null
TestTerraformConfluentPlatformExample 2022-07-30T19:37:11Z logger.go:66:                           - jksPassword              = {
TestTerraformConfluentPlatformExample 2022-07-30T19:37:11Z logger.go:66:                               - secretRef = null
TestTerraformConfluentPlatformExample 2022-07-30T19:37:11Z logger.go:66:                             }
TestTerraformConfluentPlatformExample 2022-07-30T19:37:11Z logger.go:66:                           - secretRef                = null
TestTerraformConfluentPlatformExample 2022-07-30T19:37:11Z logger.go:66:                         }
TestTerraformConfluentPlatformExample 2022-07-30T19:37:11Z logger.go:66:                     }
TestTerraformConfluentPlatformExample 2022-07-30T19:37:11Z logger.go:66:                   - mds            = {
TestTerraformConfluentPlatformExample 2022-07-30T19:37:11Z logger.go:66:                       - authentication = {
TestTerraformConfluentPlatformExample 2022-07-30T19:37:11Z logger.go:66:                           - bearer = {
TestTerraformConfluentPlatformExample 2022-07-30T19:37:11Z logger.go:66:                               - directoryPathInContainer = null
TestTerraformConfluentPlatformExample 2022-07-30T19:37:11Z logger.go:66:                               - secretRef                = null
TestTerraformConfluentPlatformExample 2022-07-30T19:37:11Z logger.go:66:                             }
TestTerraformConfluentPlatformExample 2022-07-30T19:37:11Z logger.go:66:                           - type   = null
TestTerraformConfluentPlatformExample 2022-07-30T19:37:11Z logger.go:66:                         }
TestTerraformConfluentPlatformExample 2022-07-30T19:37:11Z logger.go:66:                       - endpoint       = null
TestTerraformConfluentPlatformExample 2022-07-30T19:37:11Z logger.go:66:                       - tls            = {
TestTerraformConfluentPlatformExample 2022-07-30T19:37:11Z logger.go:66:                           - directoryPathInContainer = null
TestTerraformConfluentPlatformExample 2022-07-30T19:37:11Z logger.go:66:                           - enabled                  = null
TestTerraformConfluentPlatformExample 2022-07-30T19:37:11Z logger.go:66:                           - ignoreTrustStoreConfig   = null
TestTerraformConfluentPlatformExample 2022-07-30T19:37:11Z logger.go:66:                           - jksPassword              = {
TestTerraformConfluentPlatformExample 2022-07-30T19:37:11Z logger.go:66:                               - secretRef = null
TestTerraformConfluentPlatformExample 2022-07-30T19:37:11Z logger.go:66:                             }
TestTerraformConfluentPlatformExample 2022-07-30T19:37:11Z logger.go:66:                           - secretRef                = null
TestTerraformConfluentPlatformExample 2022-07-30T19:37:11Z logger.go:66:                         }
TestTerraformConfluentPlatformExample 2022-07-30T19:37:11Z logger.go:66:                       - tokenKeyPair   = {
TestTerraformConfluentPlatformExample 2022-07-30T19:37:11Z logger.go:66:                           - directoryPathInContainer = null
TestTerraformConfluentPlatformExample 2022-07-30T19:37:11Z logger.go:66:                           - secretRef                = null
TestTerraformConfluentPlatformExample 2022-07-30T19:37:11Z logger.go:66:                         }
TestTerraformConfluentPlatformExample 2022-07-30T19:37:11Z logger.go:66:                     }
TestTerraformConfluentPlatformExample 2022-07-30T19:37:11Z logger.go:66:                   - schemaRegistry = {
TestTerraformConfluentPlatformExample 2022-07-30T19:37:11Z logger.go:66:                       - authentication = {
TestTerraformConfluentPlatformExample 2022-07-30T19:37:11Z logger.go:66:                           - basic = {
TestTerraformConfluentPlatformExample 2022-07-30T19:37:11Z logger.go:66:                               - debug                    = null
TestTerraformConfluentPlatformExample 2022-07-30T19:37:11Z logger.go:66:                               - directoryPathInContainer = null
TestTerraformConfluentPlatformExample 2022-07-30T19:37:11Z logger.go:66:                               - restrictedRoles          = null
TestTerraformConfluentPlatformExample 2022-07-30T19:37:11Z logger.go:66:                               - roles                    = null
TestTerraformConfluentPlatformExample 2022-07-30T19:37:11Z logger.go:66:                               - secretRef                = null
TestTerraformConfluentPlatformExample 2022-07-30T19:37:11Z logger.go:66:                             }
TestTerraformConfluentPlatformExample 2022-07-30T19:37:11Z logger.go:66:                           - type  = null
TestTerraformConfluentPlatformExample 2022-07-30T19:37:11Z logger.go:66:                         }
TestTerraformConfluentPlatformExample 2022-07-30T19:37:11Z logger.go:66:                       - tls            = {
TestTerraformConfluentPlatformExample 2022-07-30T19:37:11Z logger.go:66:                           - directoryPathInContainer = null
TestTerraformConfluentPlatformExample 2022-07-30T19:37:11Z logger.go:66:                           - enabled                  = null
TestTerraformConfluentPlatformExample 2022-07-30T19:37:11Z logger.go:66:                           - ignoreTrustStoreConfig   = null
TestTerraformConfluentPlatformExample 2022-07-30T19:37:11Z logger.go:66:                           - jksPassword              = {
TestTerraformConfluentPlatformExample 2022-07-30T19:37:11Z logger.go:66:                               - secretRef = null
TestTerraformConfluentPlatformExample 2022-07-30T19:37:11Z logger.go:66:                             }
TestTerraformConfluentPlatformExample 2022-07-30T19:37:11Z logger.go:66:                           - secretRef                = null
TestTerraformConfluentPlatformExample 2022-07-30T19:37:11Z logger.go:66:                         }
TestTerraformConfluentPlatformExample 2022-07-30T19:37:11Z logger.go:66:                       - url            = null
TestTerraformConfluentPlatformExample 2022-07-30T19:37:11Z logger.go:66:                     }
TestTerraformConfluentPlatformExample 2022-07-30T19:37:11Z logger.go:66:                 }
TestTerraformConfluentPlatformExample 2022-07-30T19:37:11Z logger.go:66:               - externalAccess                 = {
TestTerraformConfluentPlatformExample 2022-07-30T19:37:11Z logger.go:66:                   - loadBalancer = {
TestTerraformConfluentPlatformExample 2022-07-30T19:37:11Z logger.go:66:                       - advertisedURL            = {
TestTerraformConfluentPlatformExample 2022-07-30T19:37:11Z logger.go:66:                           - enabled = null
TestTerraformConfluentPlatformExample 2022-07-30T19:37:11Z logger.go:66:                           - prefix  = null
TestTerraformConfluentPlatformExample 2022-07-30T19:37:11Z logger.go:66:                         }
TestTerraformConfluentPlatformExample 2022-07-30T19:37:11Z logger.go:66:                       - annotations              = null
TestTerraformConfluentPlatformExample 2022-07-30T19:37:11Z logger.go:66:                       - domain                   = null
TestTerraformConfluentPlatformExample 2022-07-30T19:37:11Z logger.go:66:                       - externalTrafficPolicy    = null
TestTerraformConfluentPlatformExample 2022-07-30T19:37:11Z logger.go:66:                       - labels                   = null
TestTerraformConfluentPlatformExample 2022-07-30T19:37:11Z logger.go:66:                       - loadBalancerSourceRanges = null
TestTerraformConfluentPlatformExample 2022-07-30T19:37:11Z logger.go:66:                       - port                     = null
TestTerraformConfluentPlatformExample 2022-07-30T19:37:11Z logger.go:66:                       - prefix                   = null
TestTerraformConfluentPlatformExample 2022-07-30T19:37:11Z logger.go:66:                       - servicePorts             = null
TestTerraformConfluentPlatformExample 2022-07-30T19:37:11Z logger.go:66:                       - sessionAffinity          = null
TestTerraformConfluentPlatformExample 2022-07-30T19:37:11Z logger.go:66:                       - sessionAffinityConfig    = {
TestTerraformConfluentPlatformExample 2022-07-30T19:37:11Z logger.go:66:                           - clientIP = {
TestTerraformConfluentPlatformExample 2022-07-30T19:37:11Z logger.go:66:                               - timeoutSeconds = null
TestTerraformConfluentPlatformExample 2022-07-30T19:37:11Z logger.go:66:                             }
TestTerraformConfluentPlatformExample 2022-07-30T19:37:11Z logger.go:66:                         }
TestTerraformConfluentPlatformExample 2022-07-30T19:37:11Z logger.go:66:                     }
TestTerraformConfluentPlatformExample 2022-07-30T19:37:11Z logger.go:66:                   - nodePort     = {
TestTerraformConfluentPlatformExample 2022-07-30T19:37:11Z logger.go:66:                       - advertisedURL         = {
TestTerraformConfluentPlatformExample 2022-07-30T19:37:11Z logger.go:66:                           - enabled = null
TestTerraformConfluentPlatformExample 2022-07-30T19:37:11Z logger.go:66:                           - prefix  = null
TestTerraformConfluentPlatformExample 2022-07-30T19:37:11Z logger.go:66:                         }
TestTerraformConfluentPlatformExample 2022-07-30T19:37:11Z logger.go:66:                       - annotations           = null
TestTerraformConfluentPlatformExample 2022-07-30T19:37:11Z logger.go:66:                       - externalTrafficPolicy = null
TestTerraformConfluentPlatformExample 2022-07-30T19:37:11Z logger.go:66:                       - host                  = null
TestTerraformConfluentPlatformExample 2022-07-30T19:37:11Z logger.go:66:                       - labels                = null
TestTerraformConfluentPlatformExample 2022-07-30T19:37:11Z logger.go:66:                       - nodePortOffset        = null
TestTerraformConfluentPlatformExample 2022-07-30T19:37:11Z logger.go:66:                       - servicePorts          = null
TestTerraformConfluentPlatformExample 2022-07-30T19:37:11Z logger.go:66:                       - sessionAffinity       = null
TestTerraformConfluentPlatformExample 2022-07-30T19:37:11Z logger.go:66:                       - sessionAffinityConfig = {
TestTerraformConfluentPlatformExample 2022-07-30T19:37:11Z logger.go:66:                           - clientIP = {
TestTerraformConfluentPlatformExample 2022-07-30T19:37:11Z logger.go:66:                               - timeoutSeconds = null
TestTerraformConfluentPlatformExample 2022-07-30T19:37:11Z logger.go:66:                             }
TestTerraformConfluentPlatformExample 2022-07-30T19:37:11Z logger.go:66:                         }
TestTerraformConfluentPlatformExample 2022-07-30T19:37:11Z logger.go:66:                     }
TestTerraformConfluentPlatformExample 2022-07-30T19:37:11Z logger.go:66:                   - route        = {
TestTerraformConfluentPlatformExample 2022-07-30T19:37:11Z logger.go:66:                       - annotations    = null
TestTerraformConfluentPlatformExample 2022-07-30T19:37:11Z logger.go:66:                       - domain         = null
TestTerraformConfluentPlatformExample 2022-07-30T19:37:11Z logger.go:66:                       - labels         = null
TestTerraformConfluentPlatformExample 2022-07-30T19:37:11Z logger.go:66:                       - prefix         = null
TestTerraformConfluentPlatformExample 2022-07-30T19:37:11Z logger.go:66:                       - wildcardPolicy = null
TestTerraformConfluentPlatformExample 2022-07-30T19:37:11Z logger.go:66:                     }
TestTerraformConfluentPlatformExample 2022-07-30T19:37:11Z logger.go:66:                   - type         = null
TestTerraformConfluentPlatformExample 2022-07-30T19:37:11Z logger.go:66:                 }
TestTerraformConfluentPlatformExample 2022-07-30T19:37:11Z logger.go:66:               - headlessService                = {
TestTerraformConfluentPlatformExample 2022-07-30T19:37:11Z logger.go:66:                   - annotations              = null
TestTerraformConfluentPlatformExample 2022-07-30T19:37:11Z logger.go:66:                   - labels                   = null
TestTerraformConfluentPlatformExample 2022-07-30T19:37:11Z logger.go:66:                   - publishNotReadyAddresses = null
TestTerraformConfluentPlatformExample 2022-07-30T19:37:11Z logger.go:66:                 }
TestTerraformConfluentPlatformExample 2022-07-30T19:37:11Z logger.go:66:               - image                          = {
TestTerraformConfluentPlatformExample 2022-07-30T19:37:11Z logger.go:66:                   - application   = "confluentinc/cp-ksqldb-server:7.2.0"
TestTerraformConfluentPlatformExample 2022-07-30T19:37:11Z logger.go:66:                   - init          = "confluentinc/confluent-init-container:2.4.0"
TestTerraformConfluentPlatformExample 2022-07-30T19:37:11Z logger.go:66:                   - pullPolicy    = null
TestTerraformConfluentPlatformExample 2022-07-30T19:37:11Z logger.go:66:                   - pullSecretRef = null
TestTerraformConfluentPlatformExample 2022-07-30T19:37:11Z logger.go:66:                 }
TestTerraformConfluentPlatformExample 2022-07-30T19:37:11Z logger.go:66:               - injectAnnotations              = null
TestTerraformConfluentPlatformExample 2022-07-30T19:37:11Z logger.go:66:               - injectLabels                   = null
TestTerraformConfluentPlatformExample 2022-07-30T19:37:11Z logger.go:66:               - internalTopicReplicationFactor = null
TestTerraformConfluentPlatformExample 2022-07-30T19:37:11Z logger.go:66:               - k8sClusterDomain               = null
TestTerraformConfluentPlatformExample 2022-07-30T19:37:11Z logger.go:66:               - license                        = {
TestTerraformConfluentPlatformExample 2022-07-30T19:37:11Z logger.go:66:                   - directoryPathInContainer = null
TestTerraformConfluentPlatformExample 2022-07-30T19:37:11Z logger.go:66:                   - globalLicense            = null
TestTerraformConfluentPlatformExample 2022-07-30T19:37:11Z logger.go:66:                   - secretRef                = null
TestTerraformConfluentPlatformExample 2022-07-30T19:37:11Z logger.go:66:                 }
TestTerraformConfluentPlatformExample 2022-07-30T19:37:11Z logger.go:66:               - metrics                        = {
TestTerraformConfluentPlatformExample 2022-07-30T19:37:11Z logger.go:66:                   - authentication = {
TestTerraformConfluentPlatformExample 2022-07-30T19:37:11Z logger.go:66:                       - type = null
TestTerraformConfluentPlatformExample 2022-07-30T19:37:11Z logger.go:66:                     }
TestTerraformConfluentPlatformExample 2022-07-30T19:37:11Z logger.go:66:                   - prometheus     = {
TestTerraformConfluentPlatformExample 2022-07-30T19:37:11Z logger.go:66:                       - blacklist = null
TestTerraformConfluentPlatformExample 2022-07-30T19:37:11Z logger.go:66:                       - rules     = null
TestTerraformConfluentPlatformExample 2022-07-30T19:37:11Z logger.go:66:                       - whitelist = null
TestTerraformConfluentPlatformExample 2022-07-30T19:37:11Z logger.go:66:                     }
TestTerraformConfluentPlatformExample 2022-07-30T19:37:11Z logger.go:66:                   - tls            = {
TestTerraformConfluentPlatformExample 2022-07-30T19:37:11Z logger.go:66:                       - directoryPathInContainer = null
TestTerraformConfluentPlatformExample 2022-07-30T19:37:11Z logger.go:66:                       - enabled                  = null
TestTerraformConfluentPlatformExample 2022-07-30T19:37:11Z logger.go:66:                       - ignoreTrustStoreConfig   = null
TestTerraformConfluentPlatformExample 2022-07-30T19:37:11Z logger.go:66:                       - jksPassword              = {
TestTerraformConfluentPlatformExample 2022-07-30T19:37:11Z logger.go:66:                           - secretRef = null
TestTerraformConfluentPlatformExample 2022-07-30T19:37:11Z logger.go:66:                         }
TestTerraformConfluentPlatformExample 2022-07-30T19:37:11Z logger.go:66:                       - secretRef                = null
TestTerraformConfluentPlatformExample 2022-07-30T19:37:11Z logger.go:66:                     }
TestTerraformConfluentPlatformExample 2022-07-30T19:37:11Z logger.go:66:                 }
TestTerraformConfluentPlatformExample 2022-07-30T19:37:11Z logger.go:66:               - mountedSecrets                 = null
TestTerraformConfluentPlatformExample 2022-07-30T19:37:11Z logger.go:66:               - mountedVolumes                 = {
TestTerraformConfluentPlatformExample 2022-07-30T19:37:11Z logger.go:66:                   - volumeMounts = null
TestTerraformConfluentPlatformExample 2022-07-30T19:37:11Z logger.go:66:                   - volumes      = null
TestTerraformConfluentPlatformExample 2022-07-30T19:37:11Z logger.go:66:                 }
TestTerraformConfluentPlatformExample 2022-07-30T19:37:11Z logger.go:66:               - oneReplicaPerNode              = null
TestTerraformConfluentPlatformExample 2022-07-30T19:37:11Z logger.go:66:               - podTemplate                    = {
TestTerraformConfluentPlatformExample 2022-07-30T19:37:11Z logger.go:66:                   - affinity                      = {
TestTerraformConfluentPlatformExample 2022-07-30T19:37:11Z logger.go:66:                       - nodeAffinity    = {
TestTerraformConfluentPlatformExample 2022-07-30T19:37:11Z logger.go:66:                           - preferredDuringSchedulingIgnoredDuringExecution = null
TestTerraformConfluentPlatformExample 2022-07-30T19:37:11Z logger.go:66:                           - requiredDuringSchedulingIgnoredDuringExecution  = {
TestTerraformConfluentPlatformExample 2022-07-30T19:37:11Z logger.go:66:                               - nodeSelectorTerms = null
TestTerraformConfluentPlatformExample 2022-07-30T19:37:11Z logger.go:66:                             }
TestTerraformConfluentPlatformExample 2022-07-30T19:37:11Z logger.go:66:                         }
TestTerraformConfluentPlatformExample 2022-07-30T19:37:11Z logger.go:66:                       - podAffinity     = {
TestTerraformConfluentPlatformExample 2022-07-30T19:37:11Z logger.go:66:                           - preferredDuringSchedulingIgnoredDuringExecution = null
TestTerraformConfluentPlatformExample 2022-07-30T19:37:11Z logger.go:66:                           - requiredDuringSchedulingIgnoredDuringExecution  = null
TestTerraformConfluentPlatformExample 2022-07-30T19:37:11Z logger.go:66:                         }
TestTerraformConfluentPlatformExample 2022-07-30T19:37:11Z logger.go:66:                       - podAntiAffinity = {
TestTerraformConfluentPlatformExample 2022-07-30T19:37:11Z logger.go:66:                           - preferredDuringSchedulingIgnoredDuringExecution = null
TestTerraformConfluentPlatformExample 2022-07-30T19:37:11Z logger.go:66:                           - requiredDuringSchedulingIgnoredDuringExecution  = null
TestTerraformConfluentPlatformExample 2022-07-30T19:37:11Z logger.go:66:                         }
TestTerraformConfluentPlatformExample 2022-07-30T19:37:11Z logger.go:66:                     }
TestTerraformConfluentPlatformExample 2022-07-30T19:37:11Z logger.go:66:                   - annotations                   = null
TestTerraformConfluentPlatformExample 2022-07-30T19:37:11Z logger.go:66:                   - envVars                       = null
TestTerraformConfluentPlatformExample 2022-07-30T19:37:11Z logger.go:66:                   - labels                        = null
TestTerraformConfluentPlatformExample 2022-07-30T19:37:11Z logger.go:66:                   - podSecurityContext            = {
TestTerraformConfluentPlatformExample 2022-07-30T19:37:11Z logger.go:66:                       - fsGroup             = null
TestTerraformConfluentPlatformExample 2022-07-30T19:37:11Z logger.go:66:                       - fsGroupChangePolicy = null
TestTerraformConfluentPlatformExample 2022-07-30T19:37:11Z logger.go:66:                       - runAsGroup          = null
TestTerraformConfluentPlatformExample 2022-07-30T19:37:11Z logger.go:66:                       - runAsNonRoot        = null
TestTerraformConfluentPlatformExample 2022-07-30T19:37:11Z logger.go:66:                       - runAsUser           = null
TestTerraformConfluentPlatformExample 2022-07-30T19:37:11Z logger.go:66:                       - seLinuxOptions      = {
TestTerraformConfluentPlatformExample 2022-07-30T19:37:11Z logger.go:66:                           - level = null
TestTerraformConfluentPlatformExample 2022-07-30T19:37:11Z logger.go:66:                           - role  = null
TestTerraformConfluentPlatformExample 2022-07-30T19:37:11Z logger.go:66:                           - type  = null
TestTerraformConfluentPlatformExample 2022-07-30T19:37:11Z logger.go:66:                           - user  = null
TestTerraformConfluentPlatformExample 2022-07-30T19:37:11Z logger.go:66:                         }
TestTerraformConfluentPlatformExample 2022-07-30T19:37:11Z logger.go:66:                       - seccompProfile      = {
TestTerraformConfluentPlatformExample 2022-07-30T19:37:11Z logger.go:66:                           - localhostProfile = null
TestTerraformConfluentPlatformExample 2022-07-30T19:37:11Z logger.go:66:                           - type             = null
TestTerraformConfluentPlatformExample 2022-07-30T19:37:11Z logger.go:66:                         }
TestTerraformConfluentPlatformExample 2022-07-30T19:37:11Z logger.go:66:                       - supplementalGroups  = null
TestTerraformConfluentPlatformExample 2022-07-30T19:37:11Z logger.go:66:                       - sysctls             = null
TestTerraformConfluentPlatformExample 2022-07-30T19:37:11Z logger.go:66:                       - windowsOptions      = {
TestTerraformConfluentPlatformExample 2022-07-30T19:37:11Z logger.go:66:                           - gmsaCredentialSpec     = null
TestTerraformConfluentPlatformExample 2022-07-30T19:37:11Z logger.go:66:                           - gmsaCredentialSpecName = null
TestTerraformConfluentPlatformExample 2022-07-30T19:37:11Z logger.go:66:                           - hostProcess            = null
TestTerraformConfluentPlatformExample 2022-07-30T19:37:11Z logger.go:66:                           - runAsUserName          = null
TestTerraformConfluentPlatformExample 2022-07-30T19:37:11Z logger.go:66:                         }
TestTerraformConfluentPlatformExample 2022-07-30T19:37:11Z logger.go:66:                     }
TestTerraformConfluentPlatformExample 2022-07-30T19:37:11Z logger.go:66:                   - priorityClassName             = null
TestTerraformConfluentPlatformExample 2022-07-30T19:37:11Z logger.go:66:                   - probe                         = {
TestTerraformConfluentPlatformExample 2022-07-30T19:37:11Z logger.go:66:                       - liveness  = {
TestTerraformConfluentPlatformExample 2022-07-30T19:37:11Z logger.go:66:                           - failureThreshold    = null
TestTerraformConfluentPlatformExample 2022-07-30T19:37:11Z logger.go:66:                           - initialDelaySeconds = null
TestTerraformConfluentPlatformExample 2022-07-30T19:37:11Z logger.go:66:                           - periodSeconds       = null
TestTerraformConfluentPlatformExample 2022-07-30T19:37:11Z logger.go:66:                           - successThreshold    = null
TestTerraformConfluentPlatformExample 2022-07-30T19:37:11Z logger.go:66:                           - timeoutSeconds      = null
TestTerraformConfluentPlatformExample 2022-07-30T19:37:11Z logger.go:66:                         }
TestTerraformConfluentPlatformExample 2022-07-30T19:37:11Z logger.go:66:                       - readiness = {
TestTerraformConfluentPlatformExample 2022-07-30T19:37:11Z logger.go:66:                           - failureThreshold    = null
TestTerraformConfluentPlatformExample 2022-07-30T19:37:11Z logger.go:66:                           - initialDelaySeconds = null
TestTerraformConfluentPlatformExample 2022-07-30T19:37:11Z logger.go:66:                           - periodSeconds       = null
TestTerraformConfluentPlatformExample 2022-07-30T19:37:11Z logger.go:66:                           - successThreshold    = null
TestTerraformConfluentPlatformExample 2022-07-30T19:37:11Z logger.go:66:                           - timeoutSeconds      = null
TestTerraformConfluentPlatformExample 2022-07-30T19:37:11Z logger.go:66:                         }
TestTerraformConfluentPlatformExample 2022-07-30T19:37:11Z logger.go:66:                     }
TestTerraformConfluentPlatformExample 2022-07-30T19:37:11Z logger.go:66:                   - resources                     = {
TestTerraformConfluentPlatformExample 2022-07-30T19:37:11Z logger.go:66:                       - limits   = null
TestTerraformConfluentPlatformExample 2022-07-30T19:37:11Z logger.go:66:                       - requests = null
TestTerraformConfluentPlatformExample 2022-07-30T19:37:11Z logger.go:66:                     }
TestTerraformConfluentPlatformExample 2022-07-30T19:37:11Z logger.go:66:                   - securityContext               = {
TestTerraformConfluentPlatformExample 2022-07-30T19:37:11Z logger.go:66:                       - allowPrivilegeEscalation = null
TestTerraformConfluentPlatformExample 2022-07-30T19:37:11Z logger.go:66:                       - capabilities             = {
TestTerraformConfluentPlatformExample 2022-07-30T19:37:11Z logger.go:66:                           - add  = null
TestTerraformConfluentPlatformExample 2022-07-30T19:37:11Z logger.go:66:                           - drop = null
TestTerraformConfluentPlatformExample 2022-07-30T19:37:11Z logger.go:66:                         }
TestTerraformConfluentPlatformExample 2022-07-30T19:37:11Z logger.go:66:                       - privileged               = null
TestTerraformConfluentPlatformExample 2022-07-30T19:37:11Z logger.go:66:                       - procMount                = null
TestTerraformConfluentPlatformExample 2022-07-30T19:37:11Z logger.go:66:                       - readOnlyRootFilesystem   = null
TestTerraformConfluentPlatformExample 2022-07-30T19:37:11Z logger.go:66:                       - runAsGroup               = null
TestTerraformConfluentPlatformExample 2022-07-30T19:37:11Z logger.go:66:                       - runAsNonRoot             = null
TestTerraformConfluentPlatformExample 2022-07-30T19:37:11Z logger.go:66:                       - runAsUser                = null
TestTerraformConfluentPlatformExample 2022-07-30T19:37:11Z logger.go:66:                       - seLinuxOptions           = {
TestTerraformConfluentPlatformExample 2022-07-30T19:37:11Z logger.go:66:                           - level = null
TestTerraformConfluentPlatformExample 2022-07-30T19:37:11Z logger.go:66:                           - role  = null
TestTerraformConfluentPlatformExample 2022-07-30T19:37:11Z logger.go:66:                           - type  = null
TestTerraformConfluentPlatformExample 2022-07-30T19:37:11Z logger.go:66:                           - user  = null
TestTerraformConfluentPlatformExample 2022-07-30T19:37:11Z logger.go:66:                         }
TestTerraformConfluentPlatformExample 2022-07-30T19:37:11Z logger.go:66:                       - seccompProfile           = {
TestTerraformConfluentPlatformExample 2022-07-30T19:37:11Z logger.go:66:                           - localhostProfile = null
TestTerraformConfluentPlatformExample 2022-07-30T19:37:11Z logger.go:66:                           - type             = null
TestTerraformConfluentPlatformExample 2022-07-30T19:37:11Z logger.go:66:                         }
TestTerraformConfluentPlatformExample 2022-07-30T19:37:11Z logger.go:66:                       - windowsOptions           = {
TestTerraformConfluentPlatformExample 2022-07-30T19:37:11Z logger.go:66:                           - gmsaCredentialSpec     = null
TestTerraformConfluentPlatformExample 2022-07-30T19:37:11Z logger.go:66:                           - gmsaCredentialSpecName = null
TestTerraformConfluentPlatformExample 2022-07-30T19:37:11Z logger.go:66:                           - hostProcess            = null
TestTerraformConfluentPlatformExample 2022-07-30T19:37:11Z logger.go:66:                           - runAsUserName          = null
TestTerraformConfluentPlatformExample 2022-07-30T19:37:11Z logger.go:66:                         }
TestTerraformConfluentPlatformExample 2022-07-30T19:37:11Z logger.go:66:                     }
TestTerraformConfluentPlatformExample 2022-07-30T19:37:11Z logger.go:66:                   - serviceAccountName            = null
TestTerraformConfluentPlatformExample 2022-07-30T19:37:11Z logger.go:66:                   - terminationGracePeriodSeconds = null
TestTerraformConfluentPlatformExample 2022-07-30T19:37:11Z logger.go:66:                   - tolerations                   = null
TestTerraformConfluentPlatformExample 2022-07-30T19:37:11Z logger.go:66:                   - topologySpreadConstraints     = null
TestTerraformConfluentPlatformExample 2022-07-30T19:37:11Z logger.go:66:                 }
TestTerraformConfluentPlatformExample 2022-07-30T19:37:11Z logger.go:66:               - replicas                       = 1
TestTerraformConfluentPlatformExample 2022-07-30T19:37:11Z logger.go:66:               - storageClass                   = {
TestTerraformConfluentPlatformExample 2022-07-30T19:37:11Z logger.go:66:                   - name = null
TestTerraformConfluentPlatformExample 2022-07-30T19:37:11Z logger.go:66:                 }
TestTerraformConfluentPlatformExample 2022-07-30T19:37:11Z logger.go:66:               - telemetry                      = {
TestTerraformConfluentPlatformExample 2022-07-30T19:37:11Z logger.go:66:                   - global = null
TestTerraformConfluentPlatformExample 2022-07-30T19:37:11Z logger.go:66:                 }
TestTerraformConfluentPlatformExample 2022-07-30T19:37:11Z logger.go:66:               - tls                            = {
TestTerraformConfluentPlatformExample 2022-07-30T19:37:11Z logger.go:66:                   - autoGeneratedCerts       = null
TestTerraformConfluentPlatformExample 2022-07-30T19:37:11Z logger.go:66:                   - directoryPathInContainer = null
TestTerraformConfluentPlatformExample 2022-07-30T19:37:11Z logger.go:66:                   - ignoreTrustStoreConfig   = null
TestTerraformConfluentPlatformExample 2022-07-30T19:37:11Z logger.go:66:                   - jksPassword              = {
TestTerraformConfluentPlatformExample 2022-07-30T19:37:11Z logger.go:66:                       - secretRef = null
TestTerraformConfluentPlatformExample 2022-07-30T19:37:11Z logger.go:66:                     }
TestTerraformConfluentPlatformExample 2022-07-30T19:37:11Z logger.go:66:                   - secretRef                = null
TestTerraformConfluentPlatformExample 2022-07-30T19:37:11Z logger.go:66:                 }
TestTerraformConfluentPlatformExample 2022-07-30T19:37:11Z logger.go:66:             }
TestTerraformConfluentPlatformExample 2022-07-30T19:37:11Z logger.go:66:         } -> null
TestTerraformConfluentPlatformExample 2022-07-30T19:37:11Z logger.go:66:
TestTerraformConfluentPlatformExample 2022-07-30T19:37:11Z logger.go:66:       - timeouts {
TestTerraformConfluentPlatformExample 2022-07-30T19:37:11Z logger.go:66:           - create = "1h" -> null
TestTerraformConfluentPlatformExample 2022-07-30T19:37:11Z logger.go:66:           - delete = "10m" -> null
TestTerraformConfluentPlatformExample 2022-07-30T19:37:11Z logger.go:66:           - update = "1h" -> null
TestTerraformConfluentPlatformExample 2022-07-30T19:37:11Z logger.go:66:         }
TestTerraformConfluentPlatformExample 2022-07-30T19:37:11Z logger.go:66:
TestTerraformConfluentPlatformExample 2022-07-30T19:37:11Z logger.go:66:       - wait {
TestTerraformConfluentPlatformExample 2022-07-30T19:37:11Z logger.go:66:           - fields = {
TestTerraformConfluentPlatformExample 2022-07-30T19:37:11Z logger.go:66:               - "status.phase" = "RUNNING"
TestTerraformConfluentPlatformExample 2022-07-30T19:37:11Z logger.go:66:             } -> null
TestTerraformConfluentPlatformExample 2022-07-30T19:37:11Z logger.go:66:         }
TestTerraformConfluentPlatformExample 2022-07-30T19:37:11Z logger.go:66:     }
TestTerraformConfluentPlatformExample 2022-07-30T19:37:11Z logger.go:66:
TestTerraformConfluentPlatformExample 2022-07-30T19:37:11Z logger.go:66:   # module.confluent_platform.kubernetes_manifest.component["schemaregistry"] will be destroyed
TestTerraformConfluentPlatformExample 2022-07-30T19:37:11Z logger.go:66:   - resource "kubernetes_manifest" "component" {
TestTerraformConfluentPlatformExample 2022-07-30T19:37:11Z logger.go:66:       - computed_fields = [
TestTerraformConfluentPlatformExample 2022-07-30T19:37:11Z logger.go:66:           - "metadata.finalizers",
TestTerraformConfluentPlatformExample 2022-07-30T19:37:11Z logger.go:66:         ] -> null
TestTerraformConfluentPlatformExample 2022-07-30T19:37:11Z logger.go:66:       - manifest        = {
TestTerraformConfluentPlatformExample 2022-07-30T19:37:11Z logger.go:66:           - apiVersion = "platform.confluent.io/v1beta1"
TestTerraformConfluentPlatformExample 2022-07-30T19:37:11Z logger.go:66:           - kind       = "SchemaRegistry"
TestTerraformConfluentPlatformExample 2022-07-30T19:37:11Z logger.go:66:           - metadata   = {
TestTerraformConfluentPlatformExample 2022-07-30T19:37:11Z logger.go:66:               - name      = "schemaregistry"
TestTerraformConfluentPlatformExample 2022-07-30T19:37:11Z logger.go:66:               - namespace = "confluent"
TestTerraformConfluentPlatformExample 2022-07-30T19:37:11Z logger.go:66:             }
TestTerraformConfluentPlatformExample 2022-07-30T19:37:11Z logger.go:66:           - spec       = {
TestTerraformConfluentPlatformExample 2022-07-30T19:37:11Z logger.go:66:               - image    = {
TestTerraformConfluentPlatformExample 2022-07-30T19:37:11Z logger.go:66:                   - application = "confluentinc/cp-schema-registry:7.2.0"
TestTerraformConfluentPlatformExample 2022-07-30T19:37:11Z logger.go:66:                   - init        = "confluentinc/confluent-init-container:2.4.0"
TestTerraformConfluentPlatformExample 2022-07-30T19:37:11Z logger.go:66:                 }
TestTerraformConfluentPlatformExample 2022-07-30T19:37:11Z logger.go:66:               - replicas = 3
TestTerraformConfluentPlatformExample 2022-07-30T19:37:11Z logger.go:66:             }
TestTerraformConfluentPlatformExample 2022-07-30T19:37:11Z logger.go:66:         } -> null
TestTerraformConfluentPlatformExample 2022-07-30T19:37:11Z logger.go:66:       - object          = {
TestTerraformConfluentPlatformExample 2022-07-30T19:37:11Z logger.go:66:           - apiVersion = "platform.confluent.io/v1beta1"
TestTerraformConfluentPlatformExample 2022-07-30T19:37:11Z logger.go:66:           - kind       = "SchemaRegistry"
TestTerraformConfluentPlatformExample 2022-07-30T19:37:11Z logger.go:66:           - metadata   = {
TestTerraformConfluentPlatformExample 2022-07-30T19:37:11Z logger.go:66:               - annotations                = null
TestTerraformConfluentPlatformExample 2022-07-30T19:37:11Z logger.go:66:               - clusterName                = null
TestTerraformConfluentPlatformExample 2022-07-30T19:37:11Z logger.go:66:               - creationTimestamp          = null
TestTerraformConfluentPlatformExample 2022-07-30T19:37:11Z logger.go:66:               - deletionGracePeriodSeconds = null
TestTerraformConfluentPlatformExample 2022-07-30T19:37:11Z logger.go:66:               - deletionTimestamp          = null
TestTerraformConfluentPlatformExample 2022-07-30T19:37:11Z logger.go:66:               - finalizers                 = [
TestTerraformConfluentPlatformExample 2022-07-30T19:37:11Z logger.go:66:                   - "schemaregistry.finalizers.platform.confluent.io",
TestTerraformConfluentPlatformExample 2022-07-30T19:37:11Z logger.go:66:                 ]
TestTerraformConfluentPlatformExample 2022-07-30T19:37:11Z logger.go:66:               - generateName               = null
TestTerraformConfluentPlatformExample 2022-07-30T19:37:11Z logger.go:66:               - generation                 = null
TestTerraformConfluentPlatformExample 2022-07-30T19:37:11Z logger.go:66:               - labels                     = null
TestTerraformConfluentPlatformExample 2022-07-30T19:37:11Z logger.go:66:               - managedFields              = null
TestTerraformConfluentPlatformExample 2022-07-30T19:37:11Z logger.go:66:               - name                       = "schemaregistry"
TestTerraformConfluentPlatformExample 2022-07-30T19:37:11Z logger.go:66:               - namespace                  = "confluent"
TestTerraformConfluentPlatformExample 2022-07-30T19:37:11Z logger.go:66:               - ownerReferences            = null
TestTerraformConfluentPlatformExample 2022-07-30T19:37:11Z logger.go:66:               - resourceVersion            = null
TestTerraformConfluentPlatformExample 2022-07-30T19:37:11Z logger.go:66:               - selfLink                   = null
TestTerraformConfluentPlatformExample 2022-07-30T19:37:11Z logger.go:66:               - uid                        = null
TestTerraformConfluentPlatformExample 2022-07-30T19:37:11Z logger.go:66:             }
TestTerraformConfluentPlatformExample 2022-07-30T19:37:11Z logger.go:66:           - spec       = {
TestTerraformConfluentPlatformExample 2022-07-30T19:37:11Z logger.go:66:               - authentication                = {
TestTerraformConfluentPlatformExample 2022-07-30T19:37:11Z logger.go:66:                   - basic = {
TestTerraformConfluentPlatformExample 2022-07-30T19:37:11Z logger.go:66:                       - debug                    = null
TestTerraformConfluentPlatformExample 2022-07-30T19:37:11Z logger.go:66:                       - directoryPathInContainer = null
TestTerraformConfluentPlatformExample 2022-07-30T19:37:11Z logger.go:66:                       - restrictedRoles          = null
TestTerraformConfluentPlatformExample 2022-07-30T19:37:11Z logger.go:66:                       - roles                    = null
TestTerraformConfluentPlatformExample 2022-07-30T19:37:11Z logger.go:66:                       - secretRef                = null
TestTerraformConfluentPlatformExample 2022-07-30T19:37:11Z logger.go:66:                     }
TestTerraformConfluentPlatformExample 2022-07-30T19:37:11Z logger.go:66:                   - type  = null
TestTerraformConfluentPlatformExample 2022-07-30T19:37:11Z logger.go:66:                 }
TestTerraformConfluentPlatformExample 2022-07-30T19:37:11Z logger.go:66:               - authorization                 = {
TestTerraformConfluentPlatformExample 2022-07-30T19:37:11Z logger.go:66:                   - kafkaRestClassRef = {
TestTerraformConfluentPlatformExample 2022-07-30T19:37:11Z logger.go:66:                       - name      = null
TestTerraformConfluentPlatformExample 2022-07-30T19:37:11Z logger.go:66:                       - namespace = null
TestTerraformConfluentPlatformExample 2022-07-30T19:37:11Z logger.go:66:                     }
TestTerraformConfluentPlatformExample 2022-07-30T19:37:11Z logger.go:66:                   - type              = null
TestTerraformConfluentPlatformExample 2022-07-30T19:37:11Z logger.go:66:                 }
TestTerraformConfluentPlatformExample 2022-07-30T19:37:11Z logger.go:66:               - configOverrides               = {
TestTerraformConfluentPlatformExample 2022-07-30T19:37:11Z logger.go:66:                   - jvm    = null
TestTerraformConfluentPlatformExample 2022-07-30T19:37:11Z logger.go:66:                   - log4j  = null
TestTerraformConfluentPlatformExample 2022-07-30T19:37:11Z logger.go:66:                   - server = null
TestTerraformConfluentPlatformExample 2022-07-30T19:37:11Z logger.go:66:                 }
TestTerraformConfluentPlatformExample 2022-07-30T19:37:11Z logger.go:66:               - dependencies                  = {
TestTerraformConfluentPlatformExample 2022-07-30T19:37:11Z logger.go:66:                   - kafka = {
TestTerraformConfluentPlatformExample 2022-07-30T19:37:11Z logger.go:66:                       - authentication    = {
TestTerraformConfluentPlatformExample 2022-07-30T19:37:11Z logger.go:66:                           - jaasConfig            = {
TestTerraformConfluentPlatformExample 2022-07-30T19:37:11Z logger.go:66:                               - secretRef = null
TestTerraformConfluentPlatformExample 2022-07-30T19:37:11Z logger.go:66:                             }
TestTerraformConfluentPlatformExample 2022-07-30T19:37:11Z logger.go:66:                           - jaasConfigPassThrough = {
TestTerraformConfluentPlatformExample 2022-07-30T19:37:11Z logger.go:66:                               - directoryPathInContainer = null
TestTerraformConfluentPlatformExample 2022-07-30T19:37:11Z logger.go:66:                               - secretRef                = null
TestTerraformConfluentPlatformExample 2022-07-30T19:37:11Z logger.go:66:                             }
TestTerraformConfluentPlatformExample 2022-07-30T19:37:11Z logger.go:66:                           - oauthbearer           = {
TestTerraformConfluentPlatformExample 2022-07-30T19:37:11Z logger.go:66:                               - directoryPathInContainer = null
TestTerraformConfluentPlatformExample 2022-07-30T19:37:11Z logger.go:66:                               - secretRef                = null
TestTerraformConfluentPlatformExample 2022-07-30T19:37:11Z logger.go:66:                             }
TestTerraformConfluentPlatformExample 2022-07-30T19:37:11Z logger.go:66:                           - type                  = null
TestTerraformConfluentPlatformExample 2022-07-30T19:37:11Z logger.go:66:                         }
TestTerraformConfluentPlatformExample 2022-07-30T19:37:11Z logger.go:66:                       - bootstrapEndpoint = null
TestTerraformConfluentPlatformExample 2022-07-30T19:37:11Z logger.go:66:                       - discovery         = {
TestTerraformConfluentPlatformExample 2022-07-30T19:37:11Z logger.go:66:                           - name      = null
TestTerraformConfluentPlatformExample 2022-07-30T19:37:11Z logger.go:66:                           - namespace = null
TestTerraformConfluentPlatformExample 2022-07-30T19:37:11Z logger.go:66:                           - secretRef = null
TestTerraformConfluentPlatformExample 2022-07-30T19:37:11Z logger.go:66:                         }
TestTerraformConfluentPlatformExample 2022-07-30T19:37:11Z logger.go:66:                       - tls               = {
TestTerraformConfluentPlatformExample 2022-07-30T19:37:11Z logger.go:66:                           - directoryPathInContainer = null
TestTerraformConfluentPlatformExample 2022-07-30T19:37:11Z logger.go:66:                           - enabled                  = null
TestTerraformConfluentPlatformExample 2022-07-30T19:37:11Z logger.go:66:                           - ignoreTrustStoreConfig   = null
TestTerraformConfluentPlatformExample 2022-07-30T19:37:11Z logger.go:66:                           - jksPassword              = {
TestTerraformConfluentPlatformExample 2022-07-30T19:37:11Z logger.go:66:                               - secretRef = null
TestTerraformConfluentPlatformExample 2022-07-30T19:37:11Z logger.go:66:                             }
TestTerraformConfluentPlatformExample 2022-07-30T19:37:11Z logger.go:66:                           - secretRef                = null
TestTerraformConfluentPlatformExample 2022-07-30T19:37:11Z logger.go:66:                         }
TestTerraformConfluentPlatformExample 2022-07-30T19:37:11Z logger.go:66:                     }
TestTerraformConfluentPlatformExample 2022-07-30T19:37:11Z logger.go:66:                   - mds   = {
TestTerraformConfluentPlatformExample 2022-07-30T19:37:11Z logger.go:66:                       - authentication = {
TestTerraformConfluentPlatformExample 2022-07-30T19:37:11Z logger.go:66:                           - bearer = {
TestTerraformConfluentPlatformExample 2022-07-30T19:37:11Z logger.go:66:                               - directoryPathInContainer = null
TestTerraformConfluentPlatformExample 2022-07-30T19:37:11Z logger.go:66:                               - secretRef                = null
TestTerraformConfluentPlatformExample 2022-07-30T19:37:11Z logger.go:66:                             }
TestTerraformConfluentPlatformExample 2022-07-30T19:37:11Z logger.go:66:                           - type   = null
TestTerraformConfluentPlatformExample 2022-07-30T19:37:11Z logger.go:66:                         }
TestTerraformConfluentPlatformExample 2022-07-30T19:37:11Z logger.go:66:                       - endpoint       = null
TestTerraformConfluentPlatformExample 2022-07-30T19:37:11Z logger.go:66:                       - tls            = {
TestTerraformConfluentPlatformExample 2022-07-30T19:37:11Z logger.go:66:                           - directoryPathInContainer = null
TestTerraformConfluentPlatformExample 2022-07-30T19:37:11Z logger.go:66:                           - enabled                  = null
TestTerraformConfluentPlatformExample 2022-07-30T19:37:11Z logger.go:66:                           - ignoreTrustStoreConfig   = null
TestTerraformConfluentPlatformExample 2022-07-30T19:37:11Z logger.go:66:                           - jksPassword              = {
TestTerraformConfluentPlatformExample 2022-07-30T19:37:11Z logger.go:66:                               - secretRef = null
TestTerraformConfluentPlatformExample 2022-07-30T19:37:11Z logger.go:66:                             }
TestTerraformConfluentPlatformExample 2022-07-30T19:37:11Z logger.go:66:                           - secretRef                = null
TestTerraformConfluentPlatformExample 2022-07-30T19:37:11Z logger.go:66:                         }
TestTerraformConfluentPlatformExample 2022-07-30T19:37:11Z logger.go:66:                       - tokenKeyPair   = {
TestTerraformConfluentPlatformExample 2022-07-30T19:37:11Z logger.go:66:                           - directoryPathInContainer = null
TestTerraformConfluentPlatformExample 2022-07-30T19:37:11Z logger.go:66:                           - secretRef                = null
TestTerraformConfluentPlatformExample 2022-07-30T19:37:11Z logger.go:66:                         }
TestTerraformConfluentPlatformExample 2022-07-30T19:37:11Z logger.go:66:                     }
TestTerraformConfluentPlatformExample 2022-07-30T19:37:11Z logger.go:66:                 }
TestTerraformConfluentPlatformExample 2022-07-30T19:37:11Z logger.go:66:               - enableSchemaExporter          = null
TestTerraformConfluentPlatformExample 2022-07-30T19:37:11Z logger.go:66:               - externalAccess                = {
TestTerraformConfluentPlatformExample 2022-07-30T19:37:11Z logger.go:66:                   - loadBalancer = {
TestTerraformConfluentPlatformExample 2022-07-30T19:37:11Z logger.go:66:                       - advertisedURL            = {
TestTerraformConfluentPlatformExample 2022-07-30T19:37:11Z logger.go:66:                           - enabled = null
TestTerraformConfluentPlatformExample 2022-07-30T19:37:11Z logger.go:66:                           - prefix  = null
TestTerraformConfluentPlatformExample 2022-07-30T19:37:11Z logger.go:66:                         }
TestTerraformConfluentPlatformExample 2022-07-30T19:37:11Z logger.go:66:                       - annotations              = null
TestTerraformConfluentPlatformExample 2022-07-30T19:37:11Z logger.go:66:                       - domain                   = null
TestTerraformConfluentPlatformExample 2022-07-30T19:37:11Z logger.go:66:                       - externalTrafficPolicy    = null
TestTerraformConfluentPlatformExample 2022-07-30T19:37:11Z logger.go:66:                       - labels                   = null
TestTerraformConfluentPlatformExample 2022-07-30T19:37:11Z logger.go:66:                       - loadBalancerSourceRanges = null
TestTerraformConfluentPlatformExample 2022-07-30T19:37:11Z logger.go:66:                       - port                     = null
TestTerraformConfluentPlatformExample 2022-07-30T19:37:11Z logger.go:66:                       - prefix                   = null
TestTerraformConfluentPlatformExample 2022-07-30T19:37:11Z logger.go:66:                       - servicePorts             = null
TestTerraformConfluentPlatformExample 2022-07-30T19:37:11Z logger.go:66:                       - sessionAffinity          = null
TestTerraformConfluentPlatformExample 2022-07-30T19:37:11Z logger.go:66:                       - sessionAffinityConfig    = {
TestTerraformConfluentPlatformExample 2022-07-30T19:37:11Z logger.go:66:                           - clientIP = {
TestTerraformConfluentPlatformExample 2022-07-30T19:37:11Z logger.go:66:                               - timeoutSeconds = null
TestTerraformConfluentPlatformExample 2022-07-30T19:37:11Z logger.go:66:                             }
TestTerraformConfluentPlatformExample 2022-07-30T19:37:11Z logger.go:66:                         }
TestTerraformConfluentPlatformExample 2022-07-30T19:37:11Z logger.go:66:                     }
TestTerraformConfluentPlatformExample 2022-07-30T19:37:11Z logger.go:66:                   - nodePort     = {
TestTerraformConfluentPlatformExample 2022-07-30T19:37:11Z logger.go:66:                       - advertisedURL         = {
TestTerraformConfluentPlatformExample 2022-07-30T19:37:11Z logger.go:66:                           - enabled = null
TestTerraformConfluentPlatformExample 2022-07-30T19:37:11Z logger.go:66:                           - prefix  = null
TestTerraformConfluentPlatformExample 2022-07-30T19:37:11Z logger.go:66:                         }
TestTerraformConfluentPlatformExample 2022-07-30T19:37:11Z logger.go:66:                       - annotations           = null
TestTerraformConfluentPlatformExample 2022-07-30T19:37:11Z logger.go:66:                       - externalTrafficPolicy = null
TestTerraformConfluentPlatformExample 2022-07-30T19:37:11Z logger.go:66:                       - host                  = null
TestTerraformConfluentPlatformExample 2022-07-30T19:37:11Z logger.go:66:                       - labels                = null
TestTerraformConfluentPlatformExample 2022-07-30T19:37:11Z logger.go:66:                       - nodePortOffset        = null
TestTerraformConfluentPlatformExample 2022-07-30T19:37:11Z logger.go:66:                       - servicePorts          = null
TestTerraformConfluentPlatformExample 2022-07-30T19:37:11Z logger.go:66:                       - sessionAffinity       = null
TestTerraformConfluentPlatformExample 2022-07-30T19:37:11Z logger.go:66:                       - sessionAffinityConfig = {
TestTerraformConfluentPlatformExample 2022-07-30T19:37:11Z logger.go:66:                           - clientIP = {
TestTerraformConfluentPlatformExample 2022-07-30T19:37:11Z logger.go:66:                               - timeoutSeconds = null
TestTerraformConfluentPlatformExample 2022-07-30T19:37:11Z logger.go:66:                             }
TestTerraformConfluentPlatformExample 2022-07-30T19:37:11Z logger.go:66:                         }
TestTerraformConfluentPlatformExample 2022-07-30T19:37:11Z logger.go:66:                     }
TestTerraformConfluentPlatformExample 2022-07-30T19:37:11Z logger.go:66:                   - route        = {
TestTerraformConfluentPlatformExample 2022-07-30T19:37:11Z logger.go:66:                       - annotations    = null
TestTerraformConfluentPlatformExample 2022-07-30T19:37:11Z logger.go:66:                       - domain         = null
TestTerraformConfluentPlatformExample 2022-07-30T19:37:11Z logger.go:66:                       - labels         = null
TestTerraformConfluentPlatformExample 2022-07-30T19:37:11Z logger.go:66:                       - prefix         = null
TestTerraformConfluentPlatformExample 2022-07-30T19:37:11Z logger.go:66:                       - wildcardPolicy = null
TestTerraformConfluentPlatformExample 2022-07-30T19:37:11Z logger.go:66:                     }
TestTerraformConfluentPlatformExample 2022-07-30T19:37:11Z logger.go:66:                   - type         = null
TestTerraformConfluentPlatformExample 2022-07-30T19:37:11Z logger.go:66:                 }
TestTerraformConfluentPlatformExample 2022-07-30T19:37:11Z logger.go:66:               - headlessService               = {
TestTerraformConfluentPlatformExample 2022-07-30T19:37:11Z logger.go:66:                   - annotations              = null
TestTerraformConfluentPlatformExample 2022-07-30T19:37:11Z logger.go:66:                   - labels                   = null
TestTerraformConfluentPlatformExample 2022-07-30T19:37:11Z logger.go:66:                   - publishNotReadyAddresses = null
TestTerraformConfluentPlatformExample 2022-07-30T19:37:11Z logger.go:66:                 }
TestTerraformConfluentPlatformExample 2022-07-30T19:37:11Z logger.go:66:               - image                         = {
TestTerraformConfluentPlatformExample 2022-07-30T19:37:11Z logger.go:66:                   - application   = "confluentinc/cp-schema-registry:7.2.0"
TestTerraformConfluentPlatformExample 2022-07-30T19:37:11Z logger.go:66:                   - init          = "confluentinc/confluent-init-container:2.4.0"
TestTerraformConfluentPlatformExample 2022-07-30T19:37:11Z logger.go:66:                   - pullPolicy    = null
TestTerraformConfluentPlatformExample 2022-07-30T19:37:11Z logger.go:66:                   - pullSecretRef = null
TestTerraformConfluentPlatformExample 2022-07-30T19:37:11Z logger.go:66:                 }
TestTerraformConfluentPlatformExample 2022-07-30T19:37:11Z logger.go:66:               - injectAnnotations             = null
TestTerraformConfluentPlatformExample 2022-07-30T19:37:11Z logger.go:66:               - injectLabels                  = null
TestTerraformConfluentPlatformExample 2022-07-30T19:37:11Z logger.go:66:               - internalTopicReplicatorFactor = null
TestTerraformConfluentPlatformExample 2022-07-30T19:37:11Z logger.go:66:               - k8sClusterDomain              = null
TestTerraformConfluentPlatformExample 2022-07-30T19:37:11Z logger.go:66:               - license                       = {
TestTerraformConfluentPlatformExample 2022-07-30T19:37:11Z logger.go:66:                   - directoryPathInContainer = null
TestTerraformConfluentPlatformExample 2022-07-30T19:37:11Z logger.go:66:                   - globalLicense            = null
TestTerraformConfluentPlatformExample 2022-07-30T19:37:11Z logger.go:66:                   - secretRef                = null
TestTerraformConfluentPlatformExample 2022-07-30T19:37:11Z logger.go:66:                 }
TestTerraformConfluentPlatformExample 2022-07-30T19:37:11Z logger.go:66:               - metrics                       = {
TestTerraformConfluentPlatformExample 2022-07-30T19:37:11Z logger.go:66:                   - authentication = {
TestTerraformConfluentPlatformExample 2022-07-30T19:37:11Z logger.go:66:                       - type = null
TestTerraformConfluentPlatformExample 2022-07-30T19:37:11Z logger.go:66:                     }
TestTerraformConfluentPlatformExample 2022-07-30T19:37:11Z logger.go:66:                   - prometheus     = {
TestTerraformConfluentPlatformExample 2022-07-30T19:37:11Z logger.go:66:                       - blacklist = null
TestTerraformConfluentPlatformExample 2022-07-30T19:37:11Z logger.go:66:                       - rules     = null
TestTerraformConfluentPlatformExample 2022-07-30T19:37:11Z logger.go:66:                       - whitelist = null
TestTerraformConfluentPlatformExample 2022-07-30T19:37:11Z logger.go:66:                     }
TestTerraformConfluentPlatformExample 2022-07-30T19:37:11Z logger.go:66:                   - tls            = {
TestTerraformConfluentPlatformExample 2022-07-30T19:37:11Z logger.go:66:                       - directoryPathInContainer = null
TestTerraformConfluentPlatformExample 2022-07-30T19:37:11Z logger.go:66:                       - enabled                  = null
TestTerraformConfluentPlatformExample 2022-07-30T19:37:11Z logger.go:66:                       - ignoreTrustStoreConfig   = null
TestTerraformConfluentPlatformExample 2022-07-30T19:37:11Z logger.go:66:                       - jksPassword              = {
TestTerraformConfluentPlatformExample 2022-07-30T19:37:11Z logger.go:66:                           - secretRef = null
TestTerraformConfluentPlatformExample 2022-07-30T19:37:11Z logger.go:66:                         }
TestTerraformConfluentPlatformExample 2022-07-30T19:37:11Z logger.go:66:                       - secretRef                = null
TestTerraformConfluentPlatformExample 2022-07-30T19:37:11Z logger.go:66:                     }
TestTerraformConfluentPlatformExample 2022-07-30T19:37:11Z logger.go:66:                 }
TestTerraformConfluentPlatformExample 2022-07-30T19:37:11Z logger.go:66:               - mountedSecrets                = null
TestTerraformConfluentPlatformExample 2022-07-30T19:37:11Z logger.go:66:               - mountedVolumes                = {
TestTerraformConfluentPlatformExample 2022-07-30T19:37:11Z logger.go:66:                   - volumeMounts = null
TestTerraformConfluentPlatformExample 2022-07-30T19:37:11Z logger.go:66:                   - volumes      = null
TestTerraformConfluentPlatformExample 2022-07-30T19:37:11Z logger.go:66:                 }
TestTerraformConfluentPlatformExample 2022-07-30T19:37:11Z logger.go:66:               - oneReplicaPerNode             = null
TestTerraformConfluentPlatformExample 2022-07-30T19:37:11Z logger.go:66:               - passwordEncoder               = {
TestTerraformConfluentPlatformExample 2022-07-30T19:37:11Z logger.go:66:                   - directoryPathInContainer = null
TestTerraformConfluentPlatformExample 2022-07-30T19:37:11Z logger.go:66:                   - secretRef                = null
TestTerraformConfluentPlatformExample 2022-07-30T19:37:11Z logger.go:66:                 }
TestTerraformConfluentPlatformExample 2022-07-30T19:37:11Z logger.go:66:               - podTemplate                   = {
TestTerraformConfluentPlatformExample 2022-07-30T19:37:11Z logger.go:66:                   - affinity                      = {
TestTerraformConfluentPlatformExample 2022-07-30T19:37:11Z logger.go:66:                       - nodeAffinity    = {
TestTerraformConfluentPlatformExample 2022-07-30T19:37:11Z logger.go:66:                           - preferredDuringSchedulingIgnoredDuringExecution = null
TestTerraformConfluentPlatformExample 2022-07-30T19:37:11Z logger.go:66:                           - requiredDuringSchedulingIgnoredDuringExecution  = {
TestTerraformConfluentPlatformExample 2022-07-30T19:37:11Z logger.go:66:                               - nodeSelectorTerms = null
TestTerraformConfluentPlatformExample 2022-07-30T19:37:11Z logger.go:66:                             }
TestTerraformConfluentPlatformExample 2022-07-30T19:37:11Z logger.go:66:                         }
TestTerraformConfluentPlatformExample 2022-07-30T19:37:11Z logger.go:66:                       - podAffinity     = {
TestTerraformConfluentPlatformExample 2022-07-30T19:37:11Z logger.go:66:                           - preferredDuringSchedulingIgnoredDuringExecution = null
TestTerraformConfluentPlatformExample 2022-07-30T19:37:11Z logger.go:66:                           - requiredDuringSchedulingIgnoredDuringExecution  = null
TestTerraformConfluentPlatformExample 2022-07-30T19:37:11Z logger.go:66:                         }
TestTerraformConfluentPlatformExample 2022-07-30T19:37:11Z logger.go:66:                       - podAntiAffinity = {
TestTerraformConfluentPlatformExample 2022-07-30T19:37:11Z logger.go:66:                           - preferredDuringSchedulingIgnoredDuringExecution = null
TestTerraformConfluentPlatformExample 2022-07-30T19:37:11Z logger.go:66:                           - requiredDuringSchedulingIgnoredDuringExecution  = null
TestTerraformConfluentPlatformExample 2022-07-30T19:37:11Z logger.go:66:                         }
TestTerraformConfluentPlatformExample 2022-07-30T19:37:11Z logger.go:66:                     }
TestTerraformConfluentPlatformExample 2022-07-30T19:37:11Z logger.go:66:                   - annotations                   = null
TestTerraformConfluentPlatformExample 2022-07-30T19:37:11Z logger.go:66:                   - envVars                       = null
TestTerraformConfluentPlatformExample 2022-07-30T19:37:11Z logger.go:66:                   - labels                        = null
TestTerraformConfluentPlatformExample 2022-07-30T19:37:11Z logger.go:66:                   - podSecurityContext            = {
TestTerraformConfluentPlatformExample 2022-07-30T19:37:11Z logger.go:66:                       - fsGroup             = null
TestTerraformConfluentPlatformExample 2022-07-30T19:37:11Z logger.go:66:                       - fsGroupChangePolicy = null
TestTerraformConfluentPlatformExample 2022-07-30T19:37:11Z logger.go:66:                       - runAsGroup          = null
TestTerraformConfluentPlatformExample 2022-07-30T19:37:11Z logger.go:66:                       - runAsNonRoot        = null
TestTerraformConfluentPlatformExample 2022-07-30T19:37:11Z logger.go:66:                       - runAsUser           = null
TestTerraformConfluentPlatformExample 2022-07-30T19:37:11Z logger.go:66:                       - seLinuxOptions      = {
TestTerraformConfluentPlatformExample 2022-07-30T19:37:11Z logger.go:66:                           - level = null
TestTerraformConfluentPlatformExample 2022-07-30T19:37:11Z logger.go:66:                           - role  = null
TestTerraformConfluentPlatformExample 2022-07-30T19:37:11Z logger.go:66:                           - type  = null
TestTerraformConfluentPlatformExample 2022-07-30T19:37:11Z logger.go:66:                           - user  = null
TestTerraformConfluentPlatformExample 2022-07-30T19:37:11Z logger.go:66:                         }
TestTerraformConfluentPlatformExample 2022-07-30T19:37:11Z logger.go:66:                       - seccompProfile      = {
TestTerraformConfluentPlatformExample 2022-07-30T19:37:11Z logger.go:66:                           - localhostProfile = null
TestTerraformConfluentPlatformExample 2022-07-30T19:37:11Z logger.go:66:                           - type             = null
TestTerraformConfluentPlatformExample 2022-07-30T19:37:11Z logger.go:66:                         }
TestTerraformConfluentPlatformExample 2022-07-30T19:37:11Z logger.go:66:                       - supplementalGroups  = null
TestTerraformConfluentPlatformExample 2022-07-30T19:37:11Z logger.go:66:                       - sysctls             = null
TestTerraformConfluentPlatformExample 2022-07-30T19:37:11Z logger.go:66:                       - windowsOptions      = {
TestTerraformConfluentPlatformExample 2022-07-30T19:37:11Z logger.go:66:                           - gmsaCredentialSpec     = null
TestTerraformConfluentPlatformExample 2022-07-30T19:37:11Z logger.go:66:                           - gmsaCredentialSpecName = null
TestTerraformConfluentPlatformExample 2022-07-30T19:37:11Z logger.go:66:                           - hostProcess            = null
TestTerraformConfluentPlatformExample 2022-07-30T19:37:11Z logger.go:66:                           - runAsUserName          = null
TestTerraformConfluentPlatformExample 2022-07-30T19:37:11Z logger.go:66:                         }
TestTerraformConfluentPlatformExample 2022-07-30T19:37:11Z logger.go:66:                     }
TestTerraformConfluentPlatformExample 2022-07-30T19:37:11Z logger.go:66:                   - priorityClassName             = null
TestTerraformConfluentPlatformExample 2022-07-30T19:37:11Z logger.go:66:                   - probe                         = {
TestTerraformConfluentPlatformExample 2022-07-30T19:37:11Z logger.go:66:                       - liveness  = {
TestTerraformConfluentPlatformExample 2022-07-30T19:37:11Z logger.go:66:                           - failureThreshold    = null
TestTerraformConfluentPlatformExample 2022-07-30T19:37:11Z logger.go:66:                           - initialDelaySeconds = null
TestTerraformConfluentPlatformExample 2022-07-30T19:37:11Z logger.go:66:                           - periodSeconds       = null
TestTerraformConfluentPlatformExample 2022-07-30T19:37:11Z logger.go:66:                           - successThreshold    = null
TestTerraformConfluentPlatformExample 2022-07-30T19:37:11Z logger.go:66:                           - timeoutSeconds      = null
TestTerraformConfluentPlatformExample 2022-07-30T19:37:11Z logger.go:66:                         }
TestTerraformConfluentPlatformExample 2022-07-30T19:37:11Z logger.go:66:                       - readiness = {
TestTerraformConfluentPlatformExample 2022-07-30T19:37:11Z logger.go:66:                           - failureThreshold    = null
TestTerraformConfluentPlatformExample 2022-07-30T19:37:11Z logger.go:66:                           - initialDelaySeconds = null
TestTerraformConfluentPlatformExample 2022-07-30T19:37:11Z logger.go:66:                           - periodSeconds       = null
TestTerraformConfluentPlatformExample 2022-07-30T19:37:11Z logger.go:66:                           - successThreshold    = null
TestTerraformConfluentPlatformExample 2022-07-30T19:37:11Z logger.go:66:                           - timeoutSeconds      = null
TestTerraformConfluentPlatformExample 2022-07-30T19:37:11Z logger.go:66:                         }
TestTerraformConfluentPlatformExample 2022-07-30T19:37:11Z logger.go:66:                     }
TestTerraformConfluentPlatformExample 2022-07-30T19:37:11Z logger.go:66:                   - resources                     = {
TestTerraformConfluentPlatformExample 2022-07-30T19:37:11Z logger.go:66:                       - limits   = null
TestTerraformConfluentPlatformExample 2022-07-30T19:37:11Z logger.go:66:                       - requests = null
TestTerraformConfluentPlatformExample 2022-07-30T19:37:11Z logger.go:66:                     }
TestTerraformConfluentPlatformExample 2022-07-30T19:37:11Z logger.go:66:                   - securityContext               = {
TestTerraformConfluentPlatformExample 2022-07-30T19:37:11Z logger.go:66:                       - allowPrivilegeEscalation = null
TestTerraformConfluentPlatformExample 2022-07-30T19:37:11Z logger.go:66:                       - capabilities             = {
TestTerraformConfluentPlatformExample 2022-07-30T19:37:11Z logger.go:66:                           - add  = null
TestTerraformConfluentPlatformExample 2022-07-30T19:37:11Z logger.go:66:                           - drop = null
TestTerraformConfluentPlatformExample 2022-07-30T19:37:11Z logger.go:66:                         }
TestTerraformConfluentPlatformExample 2022-07-30T19:37:11Z logger.go:66:                       - privileged               = null
TestTerraformConfluentPlatformExample 2022-07-30T19:37:11Z logger.go:66:                       - procMount                = null
TestTerraformConfluentPlatformExample 2022-07-30T19:37:11Z logger.go:66:                       - readOnlyRootFilesystem   = null
TestTerraformConfluentPlatformExample 2022-07-30T19:37:11Z logger.go:66:                       - runAsGroup               = null
TestTerraformConfluentPlatformExample 2022-07-30T19:37:11Z logger.go:66:                       - runAsNonRoot             = null
TestTerraformConfluentPlatformExample 2022-07-30T19:37:11Z logger.go:66:                       - runAsUser                = null
TestTerraformConfluentPlatformExample 2022-07-30T19:37:11Z logger.go:66:                       - seLinuxOptions           = {
TestTerraformConfluentPlatformExample 2022-07-30T19:37:11Z logger.go:66:                           - level = null
TestTerraformConfluentPlatformExample 2022-07-30T19:37:11Z logger.go:66:                           - role  = null
TestTerraformConfluentPlatformExample 2022-07-30T19:37:11Z logger.go:66:                           - type  = null
TestTerraformConfluentPlatformExample 2022-07-30T19:37:11Z logger.go:66:                           - user  = null
TestTerraformConfluentPlatformExample 2022-07-30T19:37:11Z logger.go:66:                         }
TestTerraformConfluentPlatformExample 2022-07-30T19:37:11Z logger.go:66:                       - seccompProfile           = {
TestTerraformConfluentPlatformExample 2022-07-30T19:37:11Z logger.go:66:                           - localhostProfile = null
TestTerraformConfluentPlatformExample 2022-07-30T19:37:11Z logger.go:66:                           - type             = null
TestTerraformConfluentPlatformExample 2022-07-30T19:37:11Z logger.go:66:                         }
TestTerraformConfluentPlatformExample 2022-07-30T19:37:11Z logger.go:66:                       - windowsOptions           = {
TestTerraformConfluentPlatformExample 2022-07-30T19:37:11Z logger.go:66:                           - gmsaCredentialSpec     = null
TestTerraformConfluentPlatformExample 2022-07-30T19:37:11Z logger.go:66:                           - gmsaCredentialSpecName = null
TestTerraformConfluentPlatformExample 2022-07-30T19:37:11Z logger.go:66:                           - hostProcess            = null
TestTerraformConfluentPlatformExample 2022-07-30T19:37:11Z logger.go:66:                           - runAsUserName          = null
TestTerraformConfluentPlatformExample 2022-07-30T19:37:11Z logger.go:66:                         }
TestTerraformConfluentPlatformExample 2022-07-30T19:37:11Z logger.go:66:                     }
TestTerraformConfluentPlatformExample 2022-07-30T19:37:11Z logger.go:66:                   - serviceAccountName            = null
TestTerraformConfluentPlatformExample 2022-07-30T19:37:11Z logger.go:66:                   - terminationGracePeriodSeconds = null
TestTerraformConfluentPlatformExample 2022-07-30T19:37:11Z logger.go:66:                   - tolerations                   = null
TestTerraformConfluentPlatformExample 2022-07-30T19:37:11Z logger.go:66:                   - topologySpreadConstraints     = null
TestTerraformConfluentPlatformExample 2022-07-30T19:37:11Z logger.go:66:                 }
TestTerraformConfluentPlatformExample 2022-07-30T19:37:11Z logger.go:66:               - replicas                      = 3
TestTerraformConfluentPlatformExample 2022-07-30T19:37:11Z logger.go:66:               - telemetry                     = {
TestTerraformConfluentPlatformExample 2022-07-30T19:37:11Z logger.go:66:                   - global = null
TestTerraformConfluentPlatformExample 2022-07-30T19:37:11Z logger.go:66:                 }
TestTerraformConfluentPlatformExample 2022-07-30T19:37:11Z logger.go:66:               - tls                           = {
TestTerraformConfluentPlatformExample 2022-07-30T19:37:11Z logger.go:66:                   - autoGeneratedCerts       = null
TestTerraformConfluentPlatformExample 2022-07-30T19:37:11Z logger.go:66:                   - directoryPathInContainer = null
TestTerraformConfluentPlatformExample 2022-07-30T19:37:11Z logger.go:66:                   - ignoreTrustStoreConfig   = null
TestTerraformConfluentPlatformExample 2022-07-30T19:37:11Z logger.go:66:                   - jksPassword              = {
TestTerraformConfluentPlatformExample 2022-07-30T19:37:11Z logger.go:66:                       - secretRef = null
TestTerraformConfluentPlatformExample 2022-07-30T19:37:11Z logger.go:66:                     }
TestTerraformConfluentPlatformExample 2022-07-30T19:37:11Z logger.go:66:                   - secretRef                = null
TestTerraformConfluentPlatformExample 2022-07-30T19:37:11Z logger.go:66:                 }
TestTerraformConfluentPlatformExample 2022-07-30T19:37:11Z logger.go:66:             }
TestTerraformConfluentPlatformExample 2022-07-30T19:37:11Z logger.go:66:         } -> null
TestTerraformConfluentPlatformExample 2022-07-30T19:37:11Z logger.go:66:
TestTerraformConfluentPlatformExample 2022-07-30T19:37:11Z logger.go:66:       - timeouts {
TestTerraformConfluentPlatformExample 2022-07-30T19:37:11Z logger.go:66:           - create = "1h" -> null
TestTerraformConfluentPlatformExample 2022-07-30T19:37:11Z logger.go:66:           - delete = "10m" -> null
TestTerraformConfluentPlatformExample 2022-07-30T19:37:11Z logger.go:66:           - update = "1h" -> null
TestTerraformConfluentPlatformExample 2022-07-30T19:37:11Z logger.go:66:         }
TestTerraformConfluentPlatformExample 2022-07-30T19:37:11Z logger.go:66:
TestTerraformConfluentPlatformExample 2022-07-30T19:37:11Z logger.go:66:       - wait {
TestTerraformConfluentPlatformExample 2022-07-30T19:37:11Z logger.go:66:           - fields = {
TestTerraformConfluentPlatformExample 2022-07-30T19:37:11Z logger.go:66:               - "status.phase" = "RUNNING"
TestTerraformConfluentPlatformExample 2022-07-30T19:37:11Z logger.go:66:             } -> null
TestTerraformConfluentPlatformExample 2022-07-30T19:37:11Z logger.go:66:         }
TestTerraformConfluentPlatformExample 2022-07-30T19:37:11Z logger.go:66:     }
TestTerraformConfluentPlatformExample 2022-07-30T19:37:11Z logger.go:66:
TestTerraformConfluentPlatformExample 2022-07-30T19:37:11Z logger.go:66:   # module.confluent_platform.kubernetes_manifest.component["zookeeper"] will be destroyed
TestTerraformConfluentPlatformExample 2022-07-30T19:37:11Z logger.go:66:   - resource "kubernetes_manifest" "component" {
TestTerraformConfluentPlatformExample 2022-07-30T19:37:11Z logger.go:66:       - computed_fields = [
TestTerraformConfluentPlatformExample 2022-07-30T19:37:11Z logger.go:66:           - "metadata.finalizers",
TestTerraformConfluentPlatformExample 2022-07-30T19:37:11Z logger.go:66:         ] -> null
TestTerraformConfluentPlatformExample 2022-07-30T19:37:11Z logger.go:66:       - manifest        = {
TestTerraformConfluentPlatformExample 2022-07-30T19:37:11Z logger.go:66:           - apiVersion = "platform.confluent.io/v1beta1"
TestTerraformConfluentPlatformExample 2022-07-30T19:37:11Z logger.go:66:           - kind       = "Zookeeper"
TestTerraformConfluentPlatformExample 2022-07-30T19:37:11Z logger.go:66:           - metadata   = {
TestTerraformConfluentPlatformExample 2022-07-30T19:37:11Z logger.go:66:               - name      = "zookeeper"
TestTerraformConfluentPlatformExample 2022-07-30T19:37:11Z logger.go:66:               - namespace = "confluent"
TestTerraformConfluentPlatformExample 2022-07-30T19:37:11Z logger.go:66:             }
TestTerraformConfluentPlatformExample 2022-07-30T19:37:11Z logger.go:66:           - spec       = {
TestTerraformConfluentPlatformExample 2022-07-30T19:37:11Z logger.go:66:               - dataVolumeCapacity = "10Gi"
TestTerraformConfluentPlatformExample 2022-07-30T19:37:11Z logger.go:66:               - image              = {
TestTerraformConfluentPlatformExample 2022-07-30T19:37:11Z logger.go:66:                   - application = "confluentinc/cp-zookeeper:7.2.0"
TestTerraformConfluentPlatformExample 2022-07-30T19:37:11Z logger.go:66:                   - init        = "confluentinc/confluent-init-container:2.4.0"
TestTerraformConfluentPlatformExample 2022-07-30T19:37:11Z logger.go:66:                 }
TestTerraformConfluentPlatformExample 2022-07-30T19:37:11Z logger.go:66:               - logVolumeCapacity  = "10Gi"
TestTerraformConfluentPlatformExample 2022-07-30T19:37:11Z logger.go:66:               - replicas           = 3
TestTerraformConfluentPlatformExample 2022-07-30T19:37:11Z logger.go:66:             }
TestTerraformConfluentPlatformExample 2022-07-30T19:37:11Z logger.go:66:         } -> null
TestTerraformConfluentPlatformExample 2022-07-30T19:37:11Z logger.go:66:       - object          = {
TestTerraformConfluentPlatformExample 2022-07-30T19:37:11Z logger.go:66:           - apiVersion = "platform.confluent.io/v1beta1"
TestTerraformConfluentPlatformExample 2022-07-30T19:37:11Z logger.go:66:           - kind       = "Zookeeper"
TestTerraformConfluentPlatformExample 2022-07-30T19:37:11Z logger.go:66:           - metadata   = {
TestTerraformConfluentPlatformExample 2022-07-30T19:37:11Z logger.go:66:               - annotations                = null
TestTerraformConfluentPlatformExample 2022-07-30T19:37:11Z logger.go:66:               - clusterName                = null
TestTerraformConfluentPlatformExample 2022-07-30T19:37:11Z logger.go:66:               - creationTimestamp          = null
TestTerraformConfluentPlatformExample 2022-07-30T19:37:12Z logger.go:66:               - deletionGracePeriodSeconds = null
TestTerraformConfluentPlatformExample 2022-07-30T19:37:12Z logger.go:66:               - deletionTimestamp          = null
TestTerraformConfluentPlatformExample 2022-07-30T19:37:12Z logger.go:66:               - finalizers                 = [
TestTerraformConfluentPlatformExample 2022-07-30T19:37:12Z logger.go:66:                   - "zookeeper.finalizers.platform.confluent.io",
TestTerraformConfluentPlatformExample 2022-07-30T19:37:12Z logger.go:66:                 ]
TestTerraformConfluentPlatformExample 2022-07-30T19:37:12Z logger.go:66:               - generateName               = null
TestTerraformConfluentPlatformExample 2022-07-30T19:37:12Z logger.go:66:               - generation                 = null
TestTerraformConfluentPlatformExample 2022-07-30T19:37:12Z logger.go:66:               - labels                     = null
TestTerraformConfluentPlatformExample 2022-07-30T19:37:12Z logger.go:66:               - managedFields              = null
TestTerraformConfluentPlatformExample 2022-07-30T19:37:12Z logger.go:66:               - name                       = "zookeeper"
TestTerraformConfluentPlatformExample 2022-07-30T19:37:12Z logger.go:66:               - namespace                  = "confluent"
TestTerraformConfluentPlatformExample 2022-07-30T19:37:12Z logger.go:66:               - ownerReferences            = null
TestTerraformConfluentPlatformExample 2022-07-30T19:37:12Z logger.go:66:               - resourceVersion            = null
TestTerraformConfluentPlatformExample 2022-07-30T19:37:12Z logger.go:66:               - selfLink                   = null
TestTerraformConfluentPlatformExample 2022-07-30T19:37:12Z logger.go:66:               - uid                        = null
TestTerraformConfluentPlatformExample 2022-07-30T19:37:12Z logger.go:66:             }
TestTerraformConfluentPlatformExample 2022-07-30T19:37:12Z logger.go:66:           - spec       = {
TestTerraformConfluentPlatformExample 2022-07-30T19:37:12Z logger.go:66:               - authentication     = {
TestTerraformConfluentPlatformExample 2022-07-30T19:37:12Z logger.go:66:                   - jaasConfig            = {
TestTerraformConfluentPlatformExample 2022-07-30T19:37:12Z logger.go:66:                       - secretRef = null
TestTerraformConfluentPlatformExample 2022-07-30T19:37:12Z logger.go:66:                     }
TestTerraformConfluentPlatformExample 2022-07-30T19:37:12Z logger.go:66:                   - jaasConfigPassThrough = {
TestTerraformConfluentPlatformExample 2022-07-30T19:37:12Z logger.go:66:                       - directoryPathInContainer = null
TestTerraformConfluentPlatformExample 2022-07-30T19:37:12Z logger.go:66:                       - secretRef                = null
TestTerraformConfluentPlatformExample 2022-07-30T19:37:12Z logger.go:66:                     }
TestTerraformConfluentPlatformExample 2022-07-30T19:37:12Z logger.go:66:                   - principalMappingRules = null
TestTerraformConfluentPlatformExample 2022-07-30T19:37:12Z logger.go:66:                   - type                  = null
TestTerraformConfluentPlatformExample 2022-07-30T19:37:12Z logger.go:66:                 }
TestTerraformConfluentPlatformExample 2022-07-30T19:37:12Z logger.go:66:               - configOverrides    = {
TestTerraformConfluentPlatformExample 2022-07-30T19:37:12Z logger.go:66:                   - jvm    = null
TestTerraformConfluentPlatformExample 2022-07-30T19:37:12Z logger.go:66:                   - log4j  = null
TestTerraformConfluentPlatformExample 2022-07-30T19:37:12Z logger.go:66:                   - peers  = null
TestTerraformConfluentPlatformExample 2022-07-30T19:37:12Z logger.go:66:                   - server = null
TestTerraformConfluentPlatformExample 2022-07-30T19:37:12Z logger.go:66:                 }
TestTerraformConfluentPlatformExample 2022-07-30T19:37:12Z logger.go:66:               - dataVolumeCapacity = "10Gi"
TestTerraformConfluentPlatformExample 2022-07-30T19:37:12Z logger.go:66:               - headlessService    = {
TestTerraformConfluentPlatformExample 2022-07-30T19:37:12Z logger.go:66:                   - annotations              = null
TestTerraformConfluentPlatformExample 2022-07-30T19:37:12Z logger.go:66:                   - labels                   = null
TestTerraformConfluentPlatformExample 2022-07-30T19:37:12Z logger.go:66:                   - publishNotReadyAddresses = null
TestTerraformConfluentPlatformExample 2022-07-30T19:37:12Z logger.go:66:                 }
TestTerraformConfluentPlatformExample 2022-07-30T19:37:12Z logger.go:66:               - image              = {
TestTerraformConfluentPlatformExample 2022-07-30T19:37:12Z logger.go:66:                   - application   = "confluentinc/cp-zookeeper:7.2.0"
TestTerraformConfluentPlatformExample 2022-07-30T19:37:12Z logger.go:66:                   - init          = "confluentinc/confluent-init-container:2.4.0"
TestTerraformConfluentPlatformExample 2022-07-30T19:37:12Z logger.go:66:                   - pullPolicy    = null
TestTerraformConfluentPlatformExample 2022-07-30T19:37:12Z logger.go:66:                   - pullSecretRef = null
TestTerraformConfluentPlatformExample 2022-07-30T19:37:12Z logger.go:66:                 }
TestTerraformConfluentPlatformExample 2022-07-30T19:37:12Z logger.go:66:               - injectAnnotations  = null
TestTerraformConfluentPlatformExample 2022-07-30T19:37:12Z logger.go:66:               - injectLabels       = null
TestTerraformConfluentPlatformExample 2022-07-30T19:37:12Z logger.go:66:               - k8sClusterDomain   = null
TestTerraformConfluentPlatformExample 2022-07-30T19:37:12Z logger.go:66:               - license            = {
TestTerraformConfluentPlatformExample 2022-07-30T19:37:12Z logger.go:66:                   - directoryPathInContainer = null
TestTerraformConfluentPlatformExample 2022-07-30T19:37:12Z logger.go:66:                   - globalLicense            = null
TestTerraformConfluentPlatformExample 2022-07-30T19:37:12Z logger.go:66:                   - secretRef                = null
TestTerraformConfluentPlatformExample 2022-07-30T19:37:12Z logger.go:66:                 }
TestTerraformConfluentPlatformExample 2022-07-30T19:37:12Z logger.go:66:               - logVolumeCapacity  = "10Gi"
TestTerraformConfluentPlatformExample 2022-07-30T19:37:12Z logger.go:66:               - metrics            = {
TestTerraformConfluentPlatformExample 2022-07-30T19:37:12Z logger.go:66:                   - authentication = {
TestTerraformConfluentPlatformExample 2022-07-30T19:37:12Z logger.go:66:                       - type = null
TestTerraformConfluentPlatformExample 2022-07-30T19:37:12Z logger.go:66:                     }
TestTerraformConfluentPlatformExample 2022-07-30T19:37:12Z logger.go:66:                   - prometheus     = {
TestTerraformConfluentPlatformExample 2022-07-30T19:37:12Z logger.go:66:                       - blacklist = null
TestTerraformConfluentPlatformExample 2022-07-30T19:37:12Z logger.go:66:                       - rules     = null
TestTerraformConfluentPlatformExample 2022-07-30T19:37:12Z logger.go:66:                       - whitelist = null
TestTerraformConfluentPlatformExample 2022-07-30T19:37:12Z logger.go:66:                     }
TestTerraformConfluentPlatformExample 2022-07-30T19:37:12Z logger.go:66:                   - tls            = {
TestTerraformConfluentPlatformExample 2022-07-30T19:37:12Z logger.go:66:                       - directoryPathInContainer = null
TestTerraformConfluentPlatformExample 2022-07-30T19:37:12Z logger.go:66:                       - enabled                  = null
TestTerraformConfluentPlatformExample 2022-07-30T19:37:12Z logger.go:66:                       - ignoreTrustStoreConfig   = null
TestTerraformConfluentPlatformExample 2022-07-30T19:37:12Z logger.go:66:                       - jksPassword              = {
TestTerraformConfluentPlatformExample 2022-07-30T19:37:12Z logger.go:66:                           - secretRef = null
TestTerraformConfluentPlatformExample 2022-07-30T19:37:12Z logger.go:66:                         }
TestTerraformConfluentPlatformExample 2022-07-30T19:37:12Z logger.go:66:                       - secretRef                = null
TestTerraformConfluentPlatformExample 2022-07-30T19:37:12Z logger.go:66:                     }
TestTerraformConfluentPlatformExample 2022-07-30T19:37:12Z logger.go:66:                 }
TestTerraformConfluentPlatformExample 2022-07-30T19:37:12Z logger.go:66:               - mountedSecrets     = null
TestTerraformConfluentPlatformExample 2022-07-30T19:37:12Z logger.go:66:               - mountedVolumes     = {
TestTerraformConfluentPlatformExample 2022-07-30T19:37:12Z logger.go:66:                   - volumeMounts = null
TestTerraformConfluentPlatformExample 2022-07-30T19:37:12Z logger.go:66:                   - volumes      = null
TestTerraformConfluentPlatformExample 2022-07-30T19:37:12Z logger.go:66:                 }
TestTerraformConfluentPlatformExample 2022-07-30T19:37:12Z logger.go:66:               - oneReplicaPerNode  = null
TestTerraformConfluentPlatformExample 2022-07-30T19:37:12Z logger.go:66:               - podTemplate        = {
TestTerraformConfluentPlatformExample 2022-07-30T19:37:12Z logger.go:66:                   - affinity                      = {
TestTerraformConfluentPlatformExample 2022-07-30T19:37:12Z logger.go:66:                       - nodeAffinity    = {
TestTerraformConfluentPlatformExample 2022-07-30T19:37:12Z logger.go:66:                           - preferredDuringSchedulingIgnoredDuringExecution = null
TestTerraformConfluentPlatformExample 2022-07-30T19:37:12Z logger.go:66:                           - requiredDuringSchedulingIgnoredDuringExecution  = {
TestTerraformConfluentPlatformExample 2022-07-30T19:37:12Z logger.go:66:                               - nodeSelectorTerms = null
TestTerraformConfluentPlatformExample 2022-07-30T19:37:12Z logger.go:66:                             }
TestTerraformConfluentPlatformExample 2022-07-30T19:37:12Z logger.go:66:                         }
TestTerraformConfluentPlatformExample 2022-07-30T19:37:12Z logger.go:66:                       - podAffinity     = {
TestTerraformConfluentPlatformExample 2022-07-30T19:37:12Z logger.go:66:                           - preferredDuringSchedulingIgnoredDuringExecution = null
TestTerraformConfluentPlatformExample 2022-07-30T19:37:12Z logger.go:66:                           - requiredDuringSchedulingIgnoredDuringExecution  = null
TestTerraformConfluentPlatformExample 2022-07-30T19:37:12Z logger.go:66:                         }
TestTerraformConfluentPlatformExample 2022-07-30T19:37:12Z logger.go:66:                       - podAntiAffinity = {
TestTerraformConfluentPlatformExample 2022-07-30T19:37:12Z logger.go:66:                           - preferredDuringSchedulingIgnoredDuringExecution = null
TestTerraformConfluentPlatformExample 2022-07-30T19:37:12Z logger.go:66:                           - requiredDuringSchedulingIgnoredDuringExecution  = null
TestTerraformConfluentPlatformExample 2022-07-30T19:37:12Z logger.go:66:                         }
TestTerraformConfluentPlatformExample 2022-07-30T19:37:12Z logger.go:66:                     }
TestTerraformConfluentPlatformExample 2022-07-30T19:37:12Z logger.go:66:                   - annotations                   = null
TestTerraformConfluentPlatformExample 2022-07-30T19:37:12Z logger.go:66:                   - envVars                       = null
TestTerraformConfluentPlatformExample 2022-07-30T19:37:12Z logger.go:66:                   - labels                        = null
TestTerraformConfluentPlatformExample 2022-07-30T19:37:12Z logger.go:66:                   - podSecurityContext            = {
TestTerraformConfluentPlatformExample 2022-07-30T19:37:12Z logger.go:66:                       - fsGroup             = null
TestTerraformConfluentPlatformExample 2022-07-30T19:37:12Z logger.go:66:                       - fsGroupChangePolicy = null
TestTerraformConfluentPlatformExample 2022-07-30T19:37:12Z logger.go:66:                       - runAsGroup          = null
TestTerraformConfluentPlatformExample 2022-07-30T19:37:12Z logger.go:66:                       - runAsNonRoot        = null
TestTerraformConfluentPlatformExample 2022-07-30T19:37:12Z logger.go:66:                       - runAsUser           = null
TestTerraformConfluentPlatformExample 2022-07-30T19:37:12Z logger.go:66:                       - seLinuxOptions      = {
TestTerraformConfluentPlatformExample 2022-07-30T19:37:12Z logger.go:66:                           - level = null
TestTerraformConfluentPlatformExample 2022-07-30T19:37:12Z logger.go:66:                           - role  = null
TestTerraformConfluentPlatformExample 2022-07-30T19:37:12Z logger.go:66:                           - type  = null
TestTerraformConfluentPlatformExample 2022-07-30T19:37:12Z logger.go:66:                           - user  = null
TestTerraformConfluentPlatformExample 2022-07-30T19:37:12Z logger.go:66:                         }
TestTerraformConfluentPlatformExample 2022-07-30T19:37:12Z logger.go:66:                       - seccompProfile      = {
TestTerraformConfluentPlatformExample 2022-07-30T19:37:12Z logger.go:66:                           - localhostProfile = null
TestTerraformConfluentPlatformExample 2022-07-30T19:37:12Z logger.go:66:                           - type             = null
TestTerraformConfluentPlatformExample 2022-07-30T19:37:12Z logger.go:66:                         }
TestTerraformConfluentPlatformExample 2022-07-30T19:37:12Z logger.go:66:                       - supplementalGroups  = null
TestTerraformConfluentPlatformExample 2022-07-30T19:37:12Z logger.go:66:                       - sysctls             = null
TestTerraformConfluentPlatformExample 2022-07-30T19:37:12Z logger.go:66:                       - windowsOptions      = {
TestTerraformConfluentPlatformExample 2022-07-30T19:37:12Z logger.go:66:                           - gmsaCredentialSpec     = null
TestTerraformConfluentPlatformExample 2022-07-30T19:37:12Z logger.go:66:                           - gmsaCredentialSpecName = null
TestTerraformConfluentPlatformExample 2022-07-30T19:37:12Z logger.go:66:                           - hostProcess            = null
TestTerraformConfluentPlatformExample 2022-07-30T19:37:12Z logger.go:66:                           - runAsUserName          = null
TestTerraformConfluentPlatformExample 2022-07-30T19:37:12Z logger.go:66:                         }
TestTerraformConfluentPlatformExample 2022-07-30T19:37:12Z logger.go:66:                     }
TestTerraformConfluentPlatformExample 2022-07-30T19:37:12Z logger.go:66:                   - priorityClassName             = null
TestTerraformConfluentPlatformExample 2022-07-30T19:37:12Z logger.go:66:                   - probe                         = {
TestTerraformConfluentPlatformExample 2022-07-30T19:37:12Z logger.go:66:                       - liveness  = {
TestTerraformConfluentPlatformExample 2022-07-30T19:37:12Z logger.go:66:                           - failureThreshold    = null
TestTerraformConfluentPlatformExample 2022-07-30T19:37:12Z logger.go:66:                           - initialDelaySeconds = null
TestTerraformConfluentPlatformExample 2022-07-30T19:37:12Z logger.go:66:                           - periodSeconds       = null
TestTerraformConfluentPlatformExample 2022-07-30T19:37:12Z logger.go:66:                           - successThreshold    = null
TestTerraformConfluentPlatformExample 2022-07-30T19:37:12Z logger.go:66:                           - timeoutSeconds      = null
TestTerraformConfluentPlatformExample 2022-07-30T19:37:12Z logger.go:66:                         }
TestTerraformConfluentPlatformExample 2022-07-30T19:37:12Z logger.go:66:                       - readiness = {
TestTerraformConfluentPlatformExample 2022-07-30T19:37:12Z logger.go:66:                           - failureThreshold    = null
TestTerraformConfluentPlatformExample 2022-07-30T19:37:12Z logger.go:66:                           - initialDelaySeconds = null
TestTerraformConfluentPlatformExample 2022-07-30T19:37:12Z logger.go:66:                           - periodSeconds       = null
TestTerraformConfluentPlatformExample 2022-07-30T19:37:12Z logger.go:66:                           - successThreshold    = null
TestTerraformConfluentPlatformExample 2022-07-30T19:37:12Z logger.go:66:                           - timeoutSeconds      = null
TestTerraformConfluentPlatformExample 2022-07-30T19:37:12Z logger.go:66:                         }
TestTerraformConfluentPlatformExample 2022-07-30T19:37:12Z logger.go:66:                     }
TestTerraformConfluentPlatformExample 2022-07-30T19:37:12Z logger.go:66:                   - resources                     = {
TestTerraformConfluentPlatformExample 2022-07-30T19:37:12Z logger.go:66:                       - limits   = null
TestTerraformConfluentPlatformExample 2022-07-30T19:37:12Z logger.go:66:                       - requests = null
TestTerraformConfluentPlatformExample 2022-07-30T19:37:12Z logger.go:66:                     }
TestTerraformConfluentPlatformExample 2022-07-30T19:37:12Z logger.go:66:                   - securityContext               = {
TestTerraformConfluentPlatformExample 2022-07-30T19:37:12Z logger.go:66:                       - allowPrivilegeEscalation = null
TestTerraformConfluentPlatformExample 2022-07-30T19:37:12Z logger.go:66:                       - capabilities             = {
TestTerraformConfluentPlatformExample 2022-07-30T19:37:12Z logger.go:66:                           - add  = null
TestTerraformConfluentPlatformExample 2022-07-30T19:37:12Z logger.go:66:                           - drop = null
TestTerraformConfluentPlatformExample 2022-07-30T19:37:12Z logger.go:66:                         }
TestTerraformConfluentPlatformExample 2022-07-30T19:37:12Z logger.go:66:                       - privileged               = null
TestTerraformConfluentPlatformExample 2022-07-30T19:37:12Z logger.go:66:                       - procMount                = null
TestTerraformConfluentPlatformExample 2022-07-30T19:37:12Z logger.go:66:                       - readOnlyRootFilesystem   = null
TestTerraformConfluentPlatformExample 2022-07-30T19:37:12Z logger.go:66:                       - runAsGroup               = null
TestTerraformConfluentPlatformExample 2022-07-30T19:37:12Z logger.go:66:                       - runAsNonRoot             = null
TestTerraformConfluentPlatformExample 2022-07-30T19:37:12Z logger.go:66:                       - runAsUser                = null
TestTerraformConfluentPlatformExample 2022-07-30T19:37:12Z logger.go:66:                       - seLinuxOptions           = {
TestTerraformConfluentPlatformExample 2022-07-30T19:37:12Z logger.go:66:                           - level = null
TestTerraformConfluentPlatformExample 2022-07-30T19:37:12Z logger.go:66:                           - role  = null
TestTerraformConfluentPlatformExample 2022-07-30T19:37:12Z logger.go:66:                           - type  = null
TestTerraformConfluentPlatformExample 2022-07-30T19:37:12Z logger.go:66:                           - user  = null
TestTerraformConfluentPlatformExample 2022-07-30T19:37:12Z logger.go:66:                         }
TestTerraformConfluentPlatformExample 2022-07-30T19:37:12Z logger.go:66:                       - seccompProfile           = {
TestTerraformConfluentPlatformExample 2022-07-30T19:37:12Z logger.go:66:                           - localhostProfile = null
TestTerraformConfluentPlatformExample 2022-07-30T19:37:12Z logger.go:66:                           - type             = null
TestTerraformConfluentPlatformExample 2022-07-30T19:37:12Z logger.go:66:                         }
TestTerraformConfluentPlatformExample 2022-07-30T19:37:12Z logger.go:66:                       - windowsOptions           = {
TestTerraformConfluentPlatformExample 2022-07-30T19:37:12Z logger.go:66:                           - gmsaCredentialSpec     = null
TestTerraformConfluentPlatformExample 2022-07-30T19:37:12Z logger.go:66:                           - gmsaCredentialSpecName = null
TestTerraformConfluentPlatformExample 2022-07-30T19:37:12Z logger.go:66:                           - hostProcess            = null
TestTerraformConfluentPlatformExample 2022-07-30T19:37:12Z logger.go:66:                           - runAsUserName          = null
TestTerraformConfluentPlatformExample 2022-07-30T19:37:12Z logger.go:66:                         }
TestTerraformConfluentPlatformExample 2022-07-30T19:37:12Z logger.go:66:                     }
TestTerraformConfluentPlatformExample 2022-07-30T19:37:12Z logger.go:66:                   - serviceAccountName            = null
TestTerraformConfluentPlatformExample 2022-07-30T19:37:12Z logger.go:66:                   - terminationGracePeriodSeconds = null
TestTerraformConfluentPlatformExample 2022-07-30T19:37:12Z logger.go:66:                   - tolerations                   = null
TestTerraformConfluentPlatformExample 2022-07-30T19:37:12Z logger.go:66:                   - topologySpreadConstraints     = null
TestTerraformConfluentPlatformExample 2022-07-30T19:37:12Z logger.go:66:                 }
TestTerraformConfluentPlatformExample 2022-07-30T19:37:12Z logger.go:66:               - replicas           = 3
TestTerraformConfluentPlatformExample 2022-07-30T19:37:12Z logger.go:66:               - storageClass       = {
TestTerraformConfluentPlatformExample 2022-07-30T19:37:12Z logger.go:66:                   - name = null
TestTerraformConfluentPlatformExample 2022-07-30T19:37:12Z logger.go:66:                 }
TestTerraformConfluentPlatformExample 2022-07-30T19:37:12Z logger.go:66:               - tls                = {
TestTerraformConfluentPlatformExample 2022-07-30T19:37:12Z logger.go:66:                   - autoGeneratedCerts       = null
TestTerraformConfluentPlatformExample 2022-07-30T19:37:12Z logger.go:66:                   - directoryPathInContainer = null
TestTerraformConfluentPlatformExample 2022-07-30T19:37:12Z logger.go:66:                   - ignoreTrustStoreConfig   = null
TestTerraformConfluentPlatformExample 2022-07-30T19:37:12Z logger.go:66:                   - jksPassword              = {
TestTerraformConfluentPlatformExample 2022-07-30T19:37:12Z logger.go:66:                       - secretRef = null
TestTerraformConfluentPlatformExample 2022-07-30T19:37:12Z logger.go:66:                     }
TestTerraformConfluentPlatformExample 2022-07-30T19:37:12Z logger.go:66:                   - secretRef                = null
TestTerraformConfluentPlatformExample 2022-07-30T19:37:12Z logger.go:66:                 }
TestTerraformConfluentPlatformExample 2022-07-30T19:37:12Z logger.go:66:             }
TestTerraformConfluentPlatformExample 2022-07-30T19:37:12Z logger.go:66:         } -> null
TestTerraformConfluentPlatformExample 2022-07-30T19:37:12Z logger.go:66:
TestTerraformConfluentPlatformExample 2022-07-30T19:37:12Z logger.go:66:       - timeouts {
TestTerraformConfluentPlatformExample 2022-07-30T19:37:12Z logger.go:66:           - create = "1h" -> null
TestTerraformConfluentPlatformExample 2022-07-30T19:37:12Z logger.go:66:           - delete = "10m" -> null
TestTerraformConfluentPlatformExample 2022-07-30T19:37:12Z logger.go:66:           - update = "1h" -> null
TestTerraformConfluentPlatformExample 2022-07-30T19:37:12Z logger.go:66:         }
TestTerraformConfluentPlatformExample 2022-07-30T19:37:12Z logger.go:66:
TestTerraformConfluentPlatformExample 2022-07-30T19:37:12Z logger.go:66:       - wait {
TestTerraformConfluentPlatformExample 2022-07-30T19:37:12Z logger.go:66:           - fields = {
TestTerraformConfluentPlatformExample 2022-07-30T19:37:12Z logger.go:66:               - "status.phase" = "RUNNING"
TestTerraformConfluentPlatformExample 2022-07-30T19:37:12Z logger.go:66:             } -> null
TestTerraformConfluentPlatformExample 2022-07-30T19:37:12Z logger.go:66:         }
TestTerraformConfluentPlatformExample 2022-07-30T19:37:12Z logger.go:66:     }
TestTerraformConfluentPlatformExample 2022-07-30T19:37:12Z logger.go:66:
TestTerraformConfluentPlatformExample 2022-07-30T19:37:12Z logger.go:66: Plan: 0 to add, 0 to change, 7 to destroy.
TestTerraformConfluentPlatformExample 2022-07-30T19:37:12Z logger.go:66:
TestTerraformConfluentPlatformExample 2022-07-30T19:37:12Z logger.go:66: Changes to Outputs:
TestTerraformConfluentPlatformExample 2022-07-30T19:37:12Z logger.go:66:   - connect        = {
TestTerraformConfluentPlatformExample 2022-07-30T19:37:12Z logger.go:66:       - apiVersion = "platform.confluent.io/v1beta1"
TestTerraformConfluentPlatformExample 2022-07-30T19:37:12Z logger.go:66:       - kind       = "Connect"
TestTerraformConfluentPlatformExample 2022-07-30T19:37:12Z logger.go:66:       - metadata   = {
TestTerraformConfluentPlatformExample 2022-07-30T19:37:12Z logger.go:66:           - name      = "connect"
TestTerraformConfluentPlatformExample 2022-07-30T19:37:12Z logger.go:66:           - namespace = "confluent"
TestTerraformConfluentPlatformExample 2022-07-30T19:37:12Z logger.go:66:         }
TestTerraformConfluentPlatformExample 2022-07-30T19:37:12Z logger.go:66:       - spec       = {
TestTerraformConfluentPlatformExample 2022-07-30T19:37:12Z logger.go:66:           - dependencies = {
TestTerraformConfluentPlatformExample 2022-07-30T19:37:12Z logger.go:66:               - kafka = {
TestTerraformConfluentPlatformExample 2022-07-30T19:37:12Z logger.go:66:                   - bootstrapEndpoint = "kafka:9071"
TestTerraformConfluentPlatformExample 2022-07-30T19:37:12Z logger.go:66:                 }
TestTerraformConfluentPlatformExample 2022-07-30T19:37:12Z logger.go:66:             }
TestTerraformConfluentPlatformExample 2022-07-30T19:37:12Z logger.go:66:           - image        = {
TestTerraformConfluentPlatformExample 2022-07-30T19:37:12Z logger.go:66:               - application = "confluentinc/cp-server-connect:7.2.0"
TestTerraformConfluentPlatformExample 2022-07-30T19:37:12Z logger.go:66:               - init        = "confluentinc/confluent-init-container:2.4.0"
TestTerraformConfluentPlatformExample 2022-07-30T19:37:12Z logger.go:66:             }
TestTerraformConfluentPlatformExample 2022-07-30T19:37:12Z logger.go:66:           - replicas     = 1
TestTerraformConfluentPlatformExample 2022-07-30T19:37:12Z logger.go:66:         }
TestTerraformConfluentPlatformExample 2022-07-30T19:37:12Z logger.go:66:     } -> null
TestTerraformConfluentPlatformExample 2022-07-30T19:37:12Z logger.go:66:   - controlcenter  = {
TestTerraformConfluentPlatformExample 2022-07-30T19:37:12Z logger.go:66:       - apiVersion = "platform.confluent.io/v1beta1"
TestTerraformConfluentPlatformExample 2022-07-30T19:37:12Z logger.go:66:       - kind       = "ControlCenter"
TestTerraformConfluentPlatformExample 2022-07-30T19:37:12Z logger.go:66:       - metadata   = {
TestTerraformConfluentPlatformExample 2022-07-30T19:37:12Z logger.go:66:           - name      = "controlcenter"
TestTerraformConfluentPlatformExample 2022-07-30T19:37:12Z logger.go:66:           - namespace = "confluent"
TestTerraformConfluentPlatformExample 2022-07-30T19:37:12Z logger.go:66:         }
TestTerraformConfluentPlatformExample 2022-07-30T19:37:12Z logger.go:66:       - spec       = {
TestTerraformConfluentPlatformExample 2022-07-30T19:37:12Z logger.go:66:           - dataVolumeCapacity = "10Gi"
TestTerraformConfluentPlatformExample 2022-07-30T19:37:12Z logger.go:66:           - dependencies       = {
TestTerraformConfluentPlatformExample 2022-07-30T19:37:12Z logger.go:66:               - connect        = [
TestTerraformConfluentPlatformExample 2022-07-30T19:37:12Z logger.go:66:                   - {
TestTerraformConfluentPlatformExample 2022-07-30T19:37:12Z logger.go:66:                       - name = "connect"
TestTerraformConfluentPlatformExample 2022-07-30T19:37:12Z logger.go:66:                       - url  = "http://connect.confluent.svc.cluster.local:8083"
TestTerraformConfluentPlatformExample 2022-07-30T19:37:12Z logger.go:66:                     },
TestTerraformConfluentPlatformExample 2022-07-30T19:37:12Z logger.go:66:                 ]
TestTerraformConfluentPlatformExample 2022-07-30T19:37:12Z logger.go:66:               - ksqldb         = [
TestTerraformConfluentPlatformExample 2022-07-30T19:37:12Z logger.go:66:                   - {
TestTerraformConfluentPlatformExample 2022-07-30T19:37:12Z logger.go:66:                       - name = "ksqldb"
TestTerraformConfluentPlatformExample 2022-07-30T19:37:12Z logger.go:66:                       - url  = "http://ksqldb.confluent.svc.cluster.local:8088"
TestTerraformConfluentPlatformExample 2022-07-30T19:37:12Z logger.go:66:                     },
TestTerraformConfluentPlatformExample 2022-07-30T19:37:12Z logger.go:66:                 ]
TestTerraformConfluentPlatformExample 2022-07-30T19:37:12Z logger.go:66:               - schemaRegistry = {
TestTerraformConfluentPlatformExample 2022-07-30T19:37:12Z logger.go:66:                   - url = "http://schemaregistry.confluent.svc.cluster.local:8081"
TestTerraformConfluentPlatformExample 2022-07-30T19:37:12Z logger.go:66:                 }
TestTerraformConfluentPlatformExample 2022-07-30T19:37:12Z logger.go:66:             }
TestTerraformConfluentPlatformExample 2022-07-30T19:37:12Z logger.go:66:           - image              = {
TestTerraformConfluentPlatformExample 2022-07-30T19:37:12Z logger.go:66:               - application = "confluentinc/cp-enterprise-control-center:7.2.0"
TestTerraformConfluentPlatformExample 2022-07-30T19:37:12Z logger.go:66:               - init        = "confluentinc/confluent-init-container:2.4.0"
TestTerraformConfluentPlatformExample 2022-07-30T19:37:12Z logger.go:66:             }
TestTerraformConfluentPlatformExample 2022-07-30T19:37:12Z logger.go:66:           - replicas           = 1
TestTerraformConfluentPlatformExample 2022-07-30T19:37:12Z logger.go:66:         }
TestTerraformConfluentPlatformExample 2022-07-30T19:37:12Z logger.go:66:     } -> null
TestTerraformConfluentPlatformExample 2022-07-30T19:37:12Z logger.go:66:   - kafka          = {
TestTerraformConfluentPlatformExample 2022-07-30T19:37:12Z logger.go:66:       - apiVersion = "platform.confluent.io/v1beta1"
TestTerraformConfluentPlatformExample 2022-07-30T19:37:12Z logger.go:66:       - kind       = "Kafka"
TestTerraformConfluentPlatformExample 2022-07-30T19:37:12Z logger.go:66:       - metadata   = {
TestTerraformConfluentPlatformExample 2022-07-30T19:37:12Z logger.go:66:           - name      = "kafka"
TestTerraformConfluentPlatformExample 2022-07-30T19:37:12Z logger.go:66:           - namespace = "confluent"
TestTerraformConfluentPlatformExample 2022-07-30T19:37:12Z logger.go:66:         }
TestTerraformConfluentPlatformExample 2022-07-30T19:37:12Z logger.go:66:       - spec       = {
TestTerraformConfluentPlatformExample 2022-07-30T19:37:12Z logger.go:66:           - dataVolumeCapacity = "10Gi"
TestTerraformConfluentPlatformExample 2022-07-30T19:37:12Z logger.go:66:           - image              = {
TestTerraformConfluentPlatformExample 2022-07-30T19:37:12Z logger.go:66:               - application = "confluentinc/cp-server:7.2.0"
TestTerraformConfluentPlatformExample 2022-07-30T19:37:12Z logger.go:66:               - init        = "confluentinc/confluent-init-container:2.4.0"
TestTerraformConfluentPlatformExample 2022-07-30T19:37:12Z logger.go:66:             }
TestTerraformConfluentPlatformExample 2022-07-30T19:37:12Z logger.go:66:           - metricReporter     = {
TestTerraformConfluentPlatformExample 2022-07-30T19:37:12Z logger.go:66:               - enabled = true
TestTerraformConfluentPlatformExample 2022-07-30T19:37:12Z logger.go:66:             }
TestTerraformConfluentPlatformExample 2022-07-30T19:37:12Z logger.go:66:           - replicas           = 3
TestTerraformConfluentPlatformExample 2022-07-30T19:37:12Z logger.go:66:         }
TestTerraformConfluentPlatformExample 2022-07-30T19:37:12Z logger.go:66:     } -> null
TestTerraformConfluentPlatformExample 2022-07-30T19:37:12Z logger.go:66:   - kafkarestproxy = {
TestTerraformConfluentPlatformExample 2022-07-30T19:37:12Z logger.go:66:       - apiVersion = "platform.confluent.io/v1beta1"
TestTerraformConfluentPlatformExample 2022-07-30T19:37:12Z logger.go:66:       - kind       = "KafkaRestProxy"
TestTerraformConfluentPlatformExample 2022-07-30T19:37:12Z logger.go:66:       - metadata   = {
TestTerraformConfluentPlatformExample 2022-07-30T19:37:12Z logger.go:66:           - name      = "kafkarestproxy"
TestTerraformConfluentPlatformExample 2022-07-30T19:37:12Z logger.go:66:           - namespace = "confluent"
TestTerraformConfluentPlatformExample 2022-07-30T19:37:12Z logger.go:66:         }
TestTerraformConfluentPlatformExample 2022-07-30T19:37:12Z logger.go:66:       - spec       = {
TestTerraformConfluentPlatformExample 2022-07-30T19:37:12Z logger.go:66:           - dependencies = {
TestTerraformConfluentPlatformExample 2022-07-30T19:37:12Z logger.go:66:               - schemaRegistry = {
TestTerraformConfluentPlatformExample 2022-07-30T19:37:12Z logger.go:66:                   - url = "http://schemaregistry.confluent.svc.cluster.local:8081"
TestTerraformConfluentPlatformExample 2022-07-30T19:37:12Z logger.go:66:                 }
TestTerraformConfluentPlatformExample 2022-07-30T19:37:12Z logger.go:66:             }
TestTerraformConfluentPlatformExample 2022-07-30T19:37:12Z logger.go:66:           - image        = {
TestTerraformConfluentPlatformExample 2022-07-30T19:37:12Z logger.go:66:               - application = "confluentinc/cp-kafka-rest:7.2.0"
TestTerraformConfluentPlatformExample 2022-07-30T19:37:12Z logger.go:66:               - init        = "confluentinc/confluent-init-container:2.4.0"
TestTerraformConfluentPlatformExample 2022-07-30T19:37:12Z logger.go:66:             }
TestTerraformConfluentPlatformExample 2022-07-30T19:37:12Z logger.go:66:           - replicas     = 1
TestTerraformConfluentPlatformExample 2022-07-30T19:37:12Z logger.go:66:         }
TestTerraformConfluentPlatformExample 2022-07-30T19:37:12Z logger.go:66:     } -> null
TestTerraformConfluentPlatformExample 2022-07-30T19:37:12Z logger.go:66:   - ksqldb         = {
TestTerraformConfluentPlatformExample 2022-07-30T19:37:12Z logger.go:66:       - apiVersion = "platform.confluent.io/v1beta1"
TestTerraformConfluentPlatformExample 2022-07-30T19:37:12Z logger.go:66:       - kind       = "KsqlDB"
TestTerraformConfluentPlatformExample 2022-07-30T19:37:12Z logger.go:66:       - metadata   = {
TestTerraformConfluentPlatformExample 2022-07-30T19:37:12Z logger.go:66:           - name      = "ksqldb"
TestTerraformConfluentPlatformExample 2022-07-30T19:37:12Z logger.go:66:           - namespace = "confluent"
TestTerraformConfluentPlatformExample 2022-07-30T19:37:12Z logger.go:66:         }
TestTerraformConfluentPlatformExample 2022-07-30T19:37:12Z logger.go:66:       - spec       = {
TestTerraformConfluentPlatformExample 2022-07-30T19:37:12Z logger.go:66:           - dataVolumeCapacity = "10Gi"
TestTerraformConfluentPlatformExample 2022-07-30T19:37:12Z logger.go:66:           - image              = {
TestTerraformConfluentPlatformExample 2022-07-30T19:37:12Z logger.go:66:               - application = "confluentinc/cp-ksqldb-server:7.2.0"
TestTerraformConfluentPlatformExample 2022-07-30T19:37:12Z logger.go:66:               - init        = "confluentinc/confluent-init-container:2.4.0"
TestTerraformConfluentPlatformExample 2022-07-30T19:37:12Z logger.go:66:             }
TestTerraformConfluentPlatformExample 2022-07-30T19:37:12Z logger.go:66:           - replicas           = 1
TestTerraformConfluentPlatformExample 2022-07-30T19:37:12Z logger.go:66:         }
TestTerraformConfluentPlatformExample 2022-07-30T19:37:12Z logger.go:66:     } -> null
TestTerraformConfluentPlatformExample 2022-07-30T19:37:12Z logger.go:66:   - namespace      = "confluent" -> null
TestTerraformConfluentPlatformExample 2022-07-30T19:37:12Z logger.go:66:   - schemaregistry = {
TestTerraformConfluentPlatformExample 2022-07-30T19:37:12Z logger.go:66:       - apiVersion = "platform.confluent.io/v1beta1"
TestTerraformConfluentPlatformExample 2022-07-30T19:37:12Z logger.go:66:       - kind       = "SchemaRegistry"
TestTerraformConfluentPlatformExample 2022-07-30T19:37:12Z logger.go:66:       - metadata   = {
TestTerraformConfluentPlatformExample 2022-07-30T19:37:12Z logger.go:66:           - name      = "schemaregistry"
TestTerraformConfluentPlatformExample 2022-07-30T19:37:12Z logger.go:66:           - namespace = "confluent"
TestTerraformConfluentPlatformExample 2022-07-30T19:37:12Z logger.go:66:         }
TestTerraformConfluentPlatformExample 2022-07-30T19:37:12Z logger.go:66:       - spec       = {
TestTerraformConfluentPlatformExample 2022-07-30T19:37:12Z logger.go:66:           - image    = {
TestTerraformConfluentPlatformExample 2022-07-30T19:37:12Z logger.go:66:               - application = "confluentinc/cp-schema-registry:7.2.0"
TestTerraformConfluentPlatformExample 2022-07-30T19:37:12Z logger.go:66:               - init        = "confluentinc/confluent-init-container:2.4.0"
TestTerraformConfluentPlatformExample 2022-07-30T19:37:12Z logger.go:66:             }
TestTerraformConfluentPlatformExample 2022-07-30T19:37:12Z logger.go:66:           - replicas = 3
TestTerraformConfluentPlatformExample 2022-07-30T19:37:12Z logger.go:66:         }
TestTerraformConfluentPlatformExample 2022-07-30T19:37:12Z logger.go:66:     } -> null
TestTerraformConfluentPlatformExample 2022-07-30T19:37:12Z logger.go:66:   - zookeeper      = {
TestTerraformConfluentPlatformExample 2022-07-30T19:37:12Z logger.go:66:       - apiVersion = "platform.confluent.io/v1beta1"
TestTerraformConfluentPlatformExample 2022-07-30T19:37:12Z logger.go:66:       - kind       = "Zookeeper"
TestTerraformConfluentPlatformExample 2022-07-30T19:37:12Z logger.go:66:       - metadata   = {
TestTerraformConfluentPlatformExample 2022-07-30T19:37:12Z logger.go:66:           - name      = "zookeeper"
TestTerraformConfluentPlatformExample 2022-07-30T19:37:12Z logger.go:66:           - namespace = "confluent"
TestTerraformConfluentPlatformExample 2022-07-30T19:37:12Z logger.go:66:         }
TestTerraformConfluentPlatformExample 2022-07-30T19:37:12Z logger.go:66:       - spec       = {
TestTerraformConfluentPlatformExample 2022-07-30T19:37:12Z logger.go:66:           - dataVolumeCapacity = "10Gi"
TestTerraformConfluentPlatformExample 2022-07-30T19:37:12Z logger.go:66:           - image              = {
TestTerraformConfluentPlatformExample 2022-07-30T19:37:12Z logger.go:66:               - application = "confluentinc/cp-zookeeper:7.2.0"
TestTerraformConfluentPlatformExample 2022-07-30T19:37:12Z logger.go:66:               - init        = "confluentinc/confluent-init-container:2.4.0"
TestTerraformConfluentPlatformExample 2022-07-30T19:37:12Z logger.go:66:             }
TestTerraformConfluentPlatformExample 2022-07-30T19:37:12Z logger.go:66:           - logVolumeCapacity  = "10Gi"
TestTerraformConfluentPlatformExample 2022-07-30T19:37:12Z logger.go:66:           - replicas           = 3
TestTerraformConfluentPlatformExample 2022-07-30T19:37:12Z logger.go:66:         }
TestTerraformConfluentPlatformExample 2022-07-30T19:37:12Z logger.go:66:     } -> null
TestTerraformConfluentPlatformExample 2022-07-30T19:37:17Z logger.go:66: module.confluent_platform.kubernetes_manifest.component["schemaregistry"]: Destroying...
TestTerraformConfluentPlatformExample 2022-07-30T19:37:17Z logger.go:66: module.confluent_platform.kubernetes_manifest.component["zookeeper"]: Destroying...
TestTerraformConfluentPlatformExample 2022-07-30T19:37:17Z logger.go:66: module.confluent_platform.kubernetes_manifest.component["ksqldb"]: Destroying...
TestTerraformConfluentPlatformExample 2022-07-30T19:37:17Z logger.go:66: module.confluent_platform.kubernetes_manifest.component["kafkarestproxy"]: Destroying...
TestTerraformConfluentPlatformExample 2022-07-30T19:37:18Z logger.go:66: module.confluent_platform.kubernetes_manifest.component["connect"]: Destroying...
TestTerraformConfluentPlatformExample 2022-07-30T19:37:18Z logger.go:66: module.confluent_platform.kubernetes_manifest.component["controlcenter"]: Destroying...
TestTerraformConfluentPlatformExample 2022-07-30T19:37:18Z logger.go:66: module.confluent_platform.kubernetes_manifest.component["kafka"]: Destroying...
TestTerraformConfluentPlatformExample 2022-07-30T19:37:18Z logger.go:66: module.confluent_platform.kubernetes_manifest.component["schemaregistry"]: Destruction complete after 1s
TestTerraformConfluentPlatformExample 2022-07-30T19:37:19Z logger.go:66: module.confluent_platform.kubernetes_manifest.component["zookeeper"]: Destruction complete after 1s
TestTerraformConfluentPlatformExample 2022-07-30T19:37:19Z logger.go:66: module.confluent_platform.kubernetes_manifest.component["ksqldb"]: Destruction complete after 1s
TestTerraformConfluentPlatformExample 2022-07-30T19:37:19Z logger.go:66: module.confluent_platform.kubernetes_manifest.component["kafkarestproxy"]: Destruction complete after 1s
TestTerraformConfluentPlatformExample 2022-07-30T19:37:19Z logger.go:66: module.confluent_platform.kubernetes_manifest.component["connect"]: Destruction complete after 1s
TestTerraformConfluentPlatformExample 2022-07-30T19:37:19Z logger.go:66: module.confluent_platform.kubernetes_manifest.component["controlcenter"]: Destruction complete after 2s
TestTerraformConfluentPlatformExample 2022-07-30T19:37:20Z logger.go:66: module.confluent_platform.kubernetes_manifest.component["kafka"]: Destruction complete after 1s
TestTerraformConfluentPlatformExample 2022-07-30T19:37:20Z logger.go:66:
TestTerraformConfluentPlatformExample 2022-07-30T19:37:20Z logger.go:66: Destroy complete! Resources: 7 destroyed.
--- FAIL: TestTerraformConfluentPlatformExample (605.38s)
FAIL
FAIL	command-line-arguments	605.487s
FAIL
