=== RUN   TestTerraformConfluentPlatformExample
TestTerraformConfluentPlatformExample 2022-07-27T23:30:33Z retry.go:91: terraform [init -upgrade=false]
TestTerraformConfluentPlatformExample 2022-07-27T23:30:33Z logger.go:66: Running command terraform with args [init -upgrade=false]
TestTerraformConfluentPlatformExample 2022-07-27T23:30:33Z logger.go:66: [0m[1mInitializing modules...[0m
TestTerraformConfluentPlatformExample 2022-07-27T23:30:34Z logger.go:66:
TestTerraformConfluentPlatformExample 2022-07-27T23:30:34Z logger.go:66: [0m[1mInitializing the backend...[0m
TestTerraformConfluentPlatformExample 2022-07-27T23:30:35Z logger.go:66:
TestTerraformConfluentPlatformExample 2022-07-27T23:30:35Z logger.go:66: [0m[1mInitializing provider plugins...[0m
TestTerraformConfluentPlatformExample 2022-07-27T23:30:35Z logger.go:66: - Reusing previous version of hashicorp/helm from the dependency lock file
TestTerraformConfluentPlatformExample 2022-07-27T23:30:35Z logger.go:66: - Reusing previous version of hashicorp/kubernetes from the dependency lock file
TestTerraformConfluentPlatformExample 2022-07-27T23:30:35Z logger.go:66: - Using previously-installed hashicorp/helm v2.6.0
TestTerraformConfluentPlatformExample 2022-07-27T23:30:36Z logger.go:66: - Using previously-installed hashicorp/kubernetes v2.12.1
TestTerraformConfluentPlatformExample 2022-07-27T23:30:36Z logger.go:66:
TestTerraformConfluentPlatformExample 2022-07-27T23:30:36Z logger.go:66: [0m[1m[32mTerraform has been successfully initialized![0m[32m[0m
TestTerraformConfluentPlatformExample 2022-07-27T23:30:36Z logger.go:66: [0m[32m
TestTerraformConfluentPlatformExample 2022-07-27T23:30:36Z logger.go:66: You may now begin working with Terraform. Try running "terraform plan" to see
TestTerraformConfluentPlatformExample 2022-07-27T23:30:36Z logger.go:66: any changes that are required for your infrastructure. All Terraform commands
TestTerraformConfluentPlatformExample 2022-07-27T23:30:36Z logger.go:66: should now work.
TestTerraformConfluentPlatformExample 2022-07-27T23:30:36Z logger.go:66:
TestTerraformConfluentPlatformExample 2022-07-27T23:30:36Z logger.go:66: If you ever set or change modules or backend configuration for Terraform,
TestTerraformConfluentPlatformExample 2022-07-27T23:30:36Z logger.go:66: rerun this command to reinitialize your working directory. If you forget, other
TestTerraformConfluentPlatformExample 2022-07-27T23:30:36Z logger.go:66: commands will detect it and remind you to do so if necessary.[0m
TestTerraformConfluentPlatformExample 2022-07-27T23:30:36Z retry.go:91: terraform [apply -input=false -auto-approve -no-color -lock=false]
TestTerraformConfluentPlatformExample 2022-07-27T23:30:36Z logger.go:66: Running command terraform with args [apply -input=false -auto-approve -no-color -lock=false]
TestTerraformConfluentPlatformExample 2022-07-27T23:30:42Z logger.go:66:
TestTerraformConfluentPlatformExample 2022-07-27T23:30:42Z logger.go:66: Terraform used the selected providers to generate the following execution
TestTerraformConfluentPlatformExample 2022-07-27T23:30:42Z logger.go:66: plan. Resource actions are indicated with the following symbols:
TestTerraformConfluentPlatformExample 2022-07-27T23:30:42Z logger.go:66:   + create
TestTerraformConfluentPlatformExample 2022-07-27T23:30:42Z logger.go:66:
TestTerraformConfluentPlatformExample 2022-07-27T23:30:42Z logger.go:66: Terraform will perform the following actions:
TestTerraformConfluentPlatformExample 2022-07-27T23:30:42Z logger.go:66:
TestTerraformConfluentPlatformExample 2022-07-27T23:30:42Z logger.go:66:   # module.confluent_platform.kubernetes_manifest.connect[0] will be created
TestTerraformConfluentPlatformExample 2022-07-27T23:30:42Z logger.go:66:   + resource "kubernetes_manifest" "connect" {
TestTerraformConfluentPlatformExample 2022-07-27T23:30:42Z logger.go:66:       + computed_fields = [
TestTerraformConfluentPlatformExample 2022-07-27T23:30:42Z logger.go:66:           + "metadata.finalizers",
TestTerraformConfluentPlatformExample 2022-07-27T23:30:42Z logger.go:66:         ]
TestTerraformConfluentPlatformExample 2022-07-27T23:30:42Z logger.go:66:       + manifest        = {
TestTerraformConfluentPlatformExample 2022-07-27T23:30:42Z logger.go:66:           + apiVersion = "platform.confluent.io/v1beta1"
TestTerraformConfluentPlatformExample 2022-07-27T23:30:42Z logger.go:66:           + kind       = "Connect"
TestTerraformConfluentPlatformExample 2022-07-27T23:30:42Z logger.go:66:           + metadata   = {
TestTerraformConfluentPlatformExample 2022-07-27T23:30:42Z logger.go:66:               + name      = "connect"
TestTerraformConfluentPlatformExample 2022-07-27T23:30:42Z logger.go:66:               + namespace = "confluent"
TestTerraformConfluentPlatformExample 2022-07-27T23:30:42Z logger.go:66:             }
TestTerraformConfluentPlatformExample 2022-07-27T23:30:42Z logger.go:66:           + spec       = {
TestTerraformConfluentPlatformExample 2022-07-27T23:30:42Z logger.go:66:               + dependencies = {
TestTerraformConfluentPlatformExample 2022-07-27T23:30:42Z logger.go:66:                   + kafka = {
TestTerraformConfluentPlatformExample 2022-07-27T23:30:42Z logger.go:66:                       + bootstrapEndpoint = "kafka:9071"
TestTerraformConfluentPlatformExample 2022-07-27T23:30:42Z logger.go:66:                     }
TestTerraformConfluentPlatformExample 2022-07-27T23:30:42Z logger.go:66:                 }
TestTerraformConfluentPlatformExample 2022-07-27T23:30:42Z logger.go:66:               + image        = {
TestTerraformConfluentPlatformExample 2022-07-27T23:30:42Z logger.go:66:                   + application = "confluentinc/cp-server-connect:7.2.0"
TestTerraformConfluentPlatformExample 2022-07-27T23:30:42Z logger.go:66:                   + init        = "confluentinc/confluent-init-container:2.4.0"
TestTerraformConfluentPlatformExample 2022-07-27T23:30:42Z logger.go:66:                 }
TestTerraformConfluentPlatformExample 2022-07-27T23:30:42Z logger.go:66:               + replicas     = 1
TestTerraformConfluentPlatformExample 2022-07-27T23:30:42Z logger.go:66:             }
TestTerraformConfluentPlatformExample 2022-07-27T23:30:42Z logger.go:66:         }
TestTerraformConfluentPlatformExample 2022-07-27T23:30:42Z logger.go:66:       + object          = {
TestTerraformConfluentPlatformExample 2022-07-27T23:30:42Z logger.go:66:           + apiVersion = "platform.confluent.io/v1beta1"
TestTerraformConfluentPlatformExample 2022-07-27T23:30:42Z logger.go:66:           + kind       = "Connect"
TestTerraformConfluentPlatformExample 2022-07-27T23:30:42Z logger.go:66:           + metadata   = {
TestTerraformConfluentPlatformExample 2022-07-27T23:30:42Z logger.go:66:               + annotations                = (known after apply)
TestTerraformConfluentPlatformExample 2022-07-27T23:30:42Z logger.go:66:               + clusterName                = (known after apply)
TestTerraformConfluentPlatformExample 2022-07-27T23:30:42Z logger.go:66:               + creationTimestamp          = (known after apply)
TestTerraformConfluentPlatformExample 2022-07-27T23:30:42Z logger.go:66:               + deletionGracePeriodSeconds = (known after apply)
TestTerraformConfluentPlatformExample 2022-07-27T23:30:42Z logger.go:66:               + deletionTimestamp          = (known after apply)
TestTerraformConfluentPlatformExample 2022-07-27T23:30:42Z logger.go:66:               + finalizers                 = (known after apply)
TestTerraformConfluentPlatformExample 2022-07-27T23:30:42Z logger.go:66:               + generateName               = (known after apply)
TestTerraformConfluentPlatformExample 2022-07-27T23:30:42Z logger.go:66:               + generation                 = (known after apply)
TestTerraformConfluentPlatformExample 2022-07-27T23:30:42Z logger.go:66:               + labels                     = (known after apply)
TestTerraformConfluentPlatformExample 2022-07-27T23:30:42Z logger.go:66:               + managedFields              = (known after apply)
TestTerraformConfluentPlatformExample 2022-07-27T23:30:42Z logger.go:66:               + name                       = "connect"
TestTerraformConfluentPlatformExample 2022-07-27T23:30:42Z logger.go:66:               + namespace                  = "confluent"
TestTerraformConfluentPlatformExample 2022-07-27T23:30:42Z logger.go:66:               + ownerReferences            = (known after apply)
TestTerraformConfluentPlatformExample 2022-07-27T23:30:42Z logger.go:66:               + resourceVersion            = (known after apply)
TestTerraformConfluentPlatformExample 2022-07-27T23:30:42Z logger.go:66:               + selfLink                   = (known after apply)
TestTerraformConfluentPlatformExample 2022-07-27T23:30:42Z logger.go:66:               + uid                        = (known after apply)
TestTerraformConfluentPlatformExample 2022-07-27T23:30:42Z logger.go:66:             }
TestTerraformConfluentPlatformExample 2022-07-27T23:30:42Z logger.go:66:           + spec       = {
TestTerraformConfluentPlatformExample 2022-07-27T23:30:42Z logger.go:66:               + authentication                 = {
TestTerraformConfluentPlatformExample 2022-07-27T23:30:42Z logger.go:66:                   + basic = {
TestTerraformConfluentPlatformExample 2022-07-27T23:30:42Z logger.go:66:                       + debug                    = (known after apply)
TestTerraformConfluentPlatformExample 2022-07-27T23:30:42Z logger.go:66:                       + directoryPathInContainer = (known after apply)
TestTerraformConfluentPlatformExample 2022-07-27T23:30:42Z logger.go:66:                       + restrictedRoles          = (known after apply)
TestTerraformConfluentPlatformExample 2022-07-27T23:30:42Z logger.go:66:                       + roles                    = (known after apply)
TestTerraformConfluentPlatformExample 2022-07-27T23:30:42Z logger.go:66:                       + secretRef                = (known after apply)
TestTerraformConfluentPlatformExample 2022-07-27T23:30:42Z logger.go:66:                     }
TestTerraformConfluentPlatformExample 2022-07-27T23:30:42Z logger.go:66:                   + type  = (known after apply)
TestTerraformConfluentPlatformExample 2022-07-27T23:30:42Z logger.go:66:                 }
TestTerraformConfluentPlatformExample 2022-07-27T23:30:42Z logger.go:66:               + authorization                  = {
TestTerraformConfluentPlatformExample 2022-07-27T23:30:42Z logger.go:66:                   + kafkaRestClassRef = {
TestTerraformConfluentPlatformExample 2022-07-27T23:30:42Z logger.go:66:                       + name      = (known after apply)
TestTerraformConfluentPlatformExample 2022-07-27T23:30:42Z logger.go:66:                       + namespace = (known after apply)
TestTerraformConfluentPlatformExample 2022-07-27T23:30:42Z logger.go:66:                     }
TestTerraformConfluentPlatformExample 2022-07-27T23:30:42Z logger.go:66:                   + type              = (known after apply)
TestTerraformConfluentPlatformExample 2022-07-27T23:30:42Z logger.go:66:                 }
TestTerraformConfluentPlatformExample 2022-07-27T23:30:42Z logger.go:66:               + build                          = {
TestTerraformConfluentPlatformExample 2022-07-27T23:30:42Z logger.go:66:                   + onDemand = {
TestTerraformConfluentPlatformExample 2022-07-27T23:30:42Z logger.go:66:                       + plugins      = {
TestTerraformConfluentPlatformExample 2022-07-27T23:30:42Z logger.go:66:                           + confluentHub = (known after apply)
TestTerraformConfluentPlatformExample 2022-07-27T23:30:42Z logger.go:66:                           + locationType = (known after apply)
TestTerraformConfluentPlatformExample 2022-07-27T23:30:42Z logger.go:66:                           + url          = (known after apply)
TestTerraformConfluentPlatformExample 2022-07-27T23:30:42Z logger.go:66:                         }
TestTerraformConfluentPlatformExample 2022-07-27T23:30:42Z logger.go:66:                       + storageLimit = (known after apply)
TestTerraformConfluentPlatformExample 2022-07-27T23:30:42Z logger.go:66:                     }
TestTerraformConfluentPlatformExample 2022-07-27T23:30:42Z logger.go:66:                   + type     = (known after apply)
TestTerraformConfluentPlatformExample 2022-07-27T23:30:42Z logger.go:66:                 }
TestTerraformConfluentPlatformExample 2022-07-27T23:30:42Z logger.go:66:               + configOverrides                = {
TestTerraformConfluentPlatformExample 2022-07-27T23:30:42Z logger.go:66:                   + jvm    = (known after apply)
TestTerraformConfluentPlatformExample 2022-07-27T23:30:42Z logger.go:66:                   + log4j  = (known after apply)
TestTerraformConfluentPlatformExample 2022-07-27T23:30:42Z logger.go:66:                   + server = (known after apply)
TestTerraformConfluentPlatformExample 2022-07-27T23:30:42Z logger.go:66:                 }
TestTerraformConfluentPlatformExample 2022-07-27T23:30:42Z logger.go:66:               + connectorOverridePolicy        = (known after apply)
TestTerraformConfluentPlatformExample 2022-07-27T23:30:42Z logger.go:66:               + connectorTLSCerts              = (known after apply)
TestTerraformConfluentPlatformExample 2022-07-27T23:30:42Z logger.go:66:               + dependencies                   = {
TestTerraformConfluentPlatformExample 2022-07-27T23:30:42Z logger.go:66:                   + admin          = {
TestTerraformConfluentPlatformExample 2022-07-27T23:30:42Z logger.go:66:                       + authentication    = {
TestTerraformConfluentPlatformExample 2022-07-27T23:30:42Z logger.go:66:                           + jaasConfig            = {
TestTerraformConfluentPlatformExample 2022-07-27T23:30:42Z logger.go:66:                               + secretRef = (known after apply)
TestTerraformConfluentPlatformExample 2022-07-27T23:30:42Z logger.go:66:                             }
TestTerraformConfluentPlatformExample 2022-07-27T23:30:42Z logger.go:66:                           + jaasConfigPassThrough = {
TestTerraformConfluentPlatformExample 2022-07-27T23:30:42Z logger.go:66:                               + directoryPathInContainer = (known after apply)
TestTerraformConfluentPlatformExample 2022-07-27T23:30:42Z logger.go:66:                               + secretRef                = (known after apply)
TestTerraformConfluentPlatformExample 2022-07-27T23:30:42Z logger.go:66:                             }
TestTerraformConfluentPlatformExample 2022-07-27T23:30:42Z logger.go:66:                           + oauthbearer           = {
TestTerraformConfluentPlatformExample 2022-07-27T23:30:42Z logger.go:66:                               + directoryPathInContainer = (known after apply)
TestTerraformConfluentPlatformExample 2022-07-27T23:30:42Z logger.go:66:                               + secretRef                = (known after apply)
TestTerraformConfluentPlatformExample 2022-07-27T23:30:42Z logger.go:66:                             }
TestTerraformConfluentPlatformExample 2022-07-27T23:30:42Z logger.go:66:                           + type                  = (known after apply)
TestTerraformConfluentPlatformExample 2022-07-27T23:30:42Z logger.go:66:                         }
TestTerraformConfluentPlatformExample 2022-07-27T23:30:42Z logger.go:66:                       + bootstrapEndpoint = (known after apply)
TestTerraformConfluentPlatformExample 2022-07-27T23:30:42Z logger.go:66:                       + discovery         = {
TestTerraformConfluentPlatformExample 2022-07-27T23:30:42Z logger.go:66:                           + name      = (known after apply)
TestTerraformConfluentPlatformExample 2022-07-27T23:30:42Z logger.go:66:                           + namespace = (known after apply)
TestTerraformConfluentPlatformExample 2022-07-27T23:30:42Z logger.go:66:                           + secretRef = (known after apply)
TestTerraformConfluentPlatformExample 2022-07-27T23:30:42Z logger.go:66:                         }
TestTerraformConfluentPlatformExample 2022-07-27T23:30:42Z logger.go:66:                       + tls               = {
TestTerraformConfluentPlatformExample 2022-07-27T23:30:42Z logger.go:66:                           + directoryPathInContainer = (known after apply)
TestTerraformConfluentPlatformExample 2022-07-27T23:30:42Z logger.go:66:                           + enabled                  = (known after apply)
TestTerraformConfluentPlatformExample 2022-07-27T23:30:42Z logger.go:66:                           + ignoreTrustStoreConfig   = (known after apply)
TestTerraformConfluentPlatformExample 2022-07-27T23:30:42Z logger.go:66:                           + jksPassword              = {
TestTerraformConfluentPlatformExample 2022-07-27T23:30:42Z logger.go:66:                               + secretRef = (known after apply)
TestTerraformConfluentPlatformExample 2022-07-27T23:30:42Z logger.go:66:                             }
TestTerraformConfluentPlatformExample 2022-07-27T23:30:42Z logger.go:66:                           + secretRef                = (known after apply)
TestTerraformConfluentPlatformExample 2022-07-27T23:30:42Z logger.go:66:                         }
TestTerraformConfluentPlatformExample 2022-07-27T23:30:42Z logger.go:66:                     }
TestTerraformConfluentPlatformExample 2022-07-27T23:30:42Z logger.go:66:                   + consumer       = {
TestTerraformConfluentPlatformExample 2022-07-27T23:30:42Z logger.go:66:                       + authentication    = {
TestTerraformConfluentPlatformExample 2022-07-27T23:30:42Z logger.go:66:                           + jaasConfig            = {
TestTerraformConfluentPlatformExample 2022-07-27T23:30:42Z logger.go:66:                               + secretRef = (known after apply)
TestTerraformConfluentPlatformExample 2022-07-27T23:30:42Z logger.go:66:                             }
TestTerraformConfluentPlatformExample 2022-07-27T23:30:42Z logger.go:66:                           + jaasConfigPassThrough = {
TestTerraformConfluentPlatformExample 2022-07-27T23:30:42Z logger.go:66:                               + directoryPathInContainer = (known after apply)
TestTerraformConfluentPlatformExample 2022-07-27T23:30:42Z logger.go:66:                               + secretRef                = (known after apply)
TestTerraformConfluentPlatformExample 2022-07-27T23:30:42Z logger.go:66:                             }
TestTerraformConfluentPlatformExample 2022-07-27T23:30:42Z logger.go:66:                           + oauthbearer           = {
TestTerraformConfluentPlatformExample 2022-07-27T23:30:42Z logger.go:66:                               + directoryPathInContainer = (known after apply)
TestTerraformConfluentPlatformExample 2022-07-27T23:30:42Z logger.go:66:                               + secretRef                = (known after apply)
TestTerraformConfluentPlatformExample 2022-07-27T23:30:42Z logger.go:66:                             }
TestTerraformConfluentPlatformExample 2022-07-27T23:30:42Z logger.go:66:                           + type                  = (known after apply)
TestTerraformConfluentPlatformExample 2022-07-27T23:30:42Z logger.go:66:                         }
TestTerraformConfluentPlatformExample 2022-07-27T23:30:42Z logger.go:66:                       + bootstrapEndpoint = (known after apply)
TestTerraformConfluentPlatformExample 2022-07-27T23:30:42Z logger.go:66:                       + discovery         = {
TestTerraformConfluentPlatformExample 2022-07-27T23:30:42Z logger.go:66:                           + name      = (known after apply)
TestTerraformConfluentPlatformExample 2022-07-27T23:30:42Z logger.go:66:                           + namespace = (known after apply)
TestTerraformConfluentPlatformExample 2022-07-27T23:30:42Z logger.go:66:                           + secretRef = (known after apply)
TestTerraformConfluentPlatformExample 2022-07-27T23:30:42Z logger.go:66:                         }
TestTerraformConfluentPlatformExample 2022-07-27T23:30:42Z logger.go:66:                       + tls               = {
TestTerraformConfluentPlatformExample 2022-07-27T23:30:42Z logger.go:66:                           + directoryPathInContainer = (known after apply)
TestTerraformConfluentPlatformExample 2022-07-27T23:30:42Z logger.go:66:                           + enabled                  = (known after apply)
TestTerraformConfluentPlatformExample 2022-07-27T23:30:42Z logger.go:66:                           + ignoreTrustStoreConfig   = (known after apply)
TestTerraformConfluentPlatformExample 2022-07-27T23:30:42Z logger.go:66:                           + jksPassword              = {
TestTerraformConfluentPlatformExample 2022-07-27T23:30:42Z logger.go:66:                               + secretRef = (known after apply)
TestTerraformConfluentPlatformExample 2022-07-27T23:30:42Z logger.go:66:                             }
TestTerraformConfluentPlatformExample 2022-07-27T23:30:42Z logger.go:66:                           + secretRef                = (known after apply)
TestTerraformConfluentPlatformExample 2022-07-27T23:30:42Z logger.go:66:                         }
TestTerraformConfluentPlatformExample 2022-07-27T23:30:42Z logger.go:66:                     }
TestTerraformConfluentPlatformExample 2022-07-27T23:30:42Z logger.go:66:                   + interceptor    = {
TestTerraformConfluentPlatformExample 2022-07-27T23:30:42Z logger.go:66:                       + configs   = (known after apply)
TestTerraformConfluentPlatformExample 2022-07-27T23:30:42Z logger.go:66:                       + consumer  = {
TestTerraformConfluentPlatformExample 2022-07-27T23:30:42Z logger.go:66:                           + authentication    = {
TestTerraformConfluentPlatformExample 2022-07-27T23:30:42Z logger.go:66:                               + jaasConfig            = {
TestTerraformConfluentPlatformExample 2022-07-27T23:30:42Z logger.go:66:                                   + secretRef = (known after apply)
TestTerraformConfluentPlatformExample 2022-07-27T23:30:42Z logger.go:66:                                 }
TestTerraformConfluentPlatformExample 2022-07-27T23:30:42Z logger.go:66:                               + jaasConfigPassThrough = {
TestTerraformConfluentPlatformExample 2022-07-27T23:30:42Z logger.go:66:                                   + directoryPathInContainer = (known after apply)
TestTerraformConfluentPlatformExample 2022-07-27T23:30:42Z logger.go:66:                                   + secretRef                = (known after apply)
TestTerraformConfluentPlatformExample 2022-07-27T23:30:42Z logger.go:66:                                 }
TestTerraformConfluentPlatformExample 2022-07-27T23:30:42Z logger.go:66:                               + oauthbearer           = {
TestTerraformConfluentPlatformExample 2022-07-27T23:30:42Z logger.go:66:                                   + directoryPathInContainer = (known after apply)
TestTerraformConfluentPlatformExample 2022-07-27T23:30:42Z logger.go:66:                                   + secretRef                = (known after apply)
TestTerraformConfluentPlatformExample 2022-07-27T23:30:42Z logger.go:66:                                 }
TestTerraformConfluentPlatformExample 2022-07-27T23:30:42Z logger.go:66:                               + type                  = (known after apply)
TestTerraformConfluentPlatformExample 2022-07-27T23:30:42Z logger.go:66:                             }
TestTerraformConfluentPlatformExample 2022-07-27T23:30:42Z logger.go:66:                           + bootstrapEndpoint = (known after apply)
TestTerraformConfluentPlatformExample 2022-07-27T23:30:42Z logger.go:66:                           + discovery         = {
TestTerraformConfluentPlatformExample 2022-07-27T23:30:42Z logger.go:66:                               + name      = (known after apply)
TestTerraformConfluentPlatformExample 2022-07-27T23:30:42Z logger.go:66:                               + namespace = (known after apply)
TestTerraformConfluentPlatformExample 2022-07-27T23:30:42Z logger.go:66:                               + secretRef = (known after apply)
TestTerraformConfluentPlatformExample 2022-07-27T23:30:42Z logger.go:66:                             }
TestTerraformConfluentPlatformExample 2022-07-27T23:30:42Z logger.go:66:                           + tls               = {
TestTerraformConfluentPlatformExample 2022-07-27T23:30:42Z logger.go:66:                               + directoryPathInContainer = (known after apply)
TestTerraformConfluentPlatformExample 2022-07-27T23:30:42Z logger.go:66:                               + enabled                  = (known after apply)
TestTerraformConfluentPlatformExample 2022-07-27T23:30:42Z logger.go:66:                               + ignoreTrustStoreConfig   = (known after apply)
TestTerraformConfluentPlatformExample 2022-07-27T23:30:42Z logger.go:66:                               + jksPassword              = {
TestTerraformConfluentPlatformExample 2022-07-27T23:30:42Z logger.go:66:                                   + secretRef = (known after apply)
TestTerraformConfluentPlatformExample 2022-07-27T23:30:42Z logger.go:66:                                 }
TestTerraformConfluentPlatformExample 2022-07-27T23:30:42Z logger.go:66:                               + secretRef                = (known after apply)
TestTerraformConfluentPlatformExample 2022-07-27T23:30:42Z logger.go:66:                             }
TestTerraformConfluentPlatformExample 2022-07-27T23:30:42Z logger.go:66:                         }
TestTerraformConfluentPlatformExample 2022-07-27T23:30:42Z logger.go:66:                       + enabled   = (known after apply)
TestTerraformConfluentPlatformExample 2022-07-27T23:30:42Z logger.go:66:                       + producer  = {
TestTerraformConfluentPlatformExample 2022-07-27T23:30:42Z logger.go:66:                           + authentication    = {
TestTerraformConfluentPlatformExample 2022-07-27T23:30:42Z logger.go:66:                               + jaasConfig            = {
TestTerraformConfluentPlatformExample 2022-07-27T23:30:42Z logger.go:66:                                   + secretRef = (known after apply)
TestTerraformConfluentPlatformExample 2022-07-27T23:30:42Z logger.go:66:                                 }
TestTerraformConfluentPlatformExample 2022-07-27T23:30:42Z logger.go:66:                               + jaasConfigPassThrough = {
TestTerraformConfluentPlatformExample 2022-07-27T23:30:42Z logger.go:66:                                   + directoryPathInContainer = (known after apply)
TestTerraformConfluentPlatformExample 2022-07-27T23:30:42Z logger.go:66:                                   + secretRef                = (known after apply)
TestTerraformConfluentPlatformExample 2022-07-27T23:30:42Z logger.go:66:                                 }
TestTerraformConfluentPlatformExample 2022-07-27T23:30:42Z logger.go:66:                               + oauthbearer           = {
TestTerraformConfluentPlatformExample 2022-07-27T23:30:42Z logger.go:66:                                   + directoryPathInContainer = (known after apply)
TestTerraformConfluentPlatformExample 2022-07-27T23:30:42Z logger.go:66:                                   + secretRef                = (known after apply)
TestTerraformConfluentPlatformExample 2022-07-27T23:30:42Z logger.go:66:                                 }
TestTerraformConfluentPlatformExample 2022-07-27T23:30:42Z logger.go:66:                               + type                  = (known after apply)
TestTerraformConfluentPlatformExample 2022-07-27T23:30:42Z logger.go:66:                             }
TestTerraformConfluentPlatformExample 2022-07-27T23:30:42Z logger.go:66:                           + bootstrapEndpoint = (known after apply)
TestTerraformConfluentPlatformExample 2022-07-27T23:30:42Z logger.go:66:                           + discovery         = {
TestTerraformConfluentPlatformExample 2022-07-27T23:30:42Z logger.go:66:                               + name      = (known after apply)
TestTerraformConfluentPlatformExample 2022-07-27T23:30:42Z logger.go:66:                               + namespace = (known after apply)
TestTerraformConfluentPlatformExample 2022-07-27T23:30:42Z logger.go:66:                               + secretRef = (known after apply)
TestTerraformConfluentPlatformExample 2022-07-27T23:30:42Z logger.go:66:                             }
TestTerraformConfluentPlatformExample 2022-07-27T23:30:42Z logger.go:66:                           + tls               = {
TestTerraformConfluentPlatformExample 2022-07-27T23:30:42Z logger.go:66:                               + directoryPathInContainer = (known after apply)
TestTerraformConfluentPlatformExample 2022-07-27T23:30:42Z logger.go:66:                               + enabled                  = (known after apply)
TestTerraformConfluentPlatformExample 2022-07-27T23:30:42Z logger.go:66:                               + ignoreTrustStoreConfig   = (known after apply)
TestTerraformConfluentPlatformExample 2022-07-27T23:30:42Z logger.go:66:                               + jksPassword              = {
TestTerraformConfluentPlatformExample 2022-07-27T23:30:42Z logger.go:66:                                   + secretRef = (known after apply)
TestTerraformConfluentPlatformExample 2022-07-27T23:30:42Z logger.go:66:                                 }
TestTerraformConfluentPlatformExample 2022-07-27T23:30:42Z logger.go:66:                               + secretRef                = (known after apply)
TestTerraformConfluentPlatformExample 2022-07-27T23:30:42Z logger.go:66:                             }
TestTerraformConfluentPlatformExample 2022-07-27T23:30:42Z logger.go:66:                         }
TestTerraformConfluentPlatformExample 2022-07-27T23:30:42Z logger.go:66:                       + publishMs = (known after apply)
TestTerraformConfluentPlatformExample 2022-07-27T23:30:42Z logger.go:66:                     }
TestTerraformConfluentPlatformExample 2022-07-27T23:30:42Z logger.go:66:                   + kafka          = {
TestTerraformConfluentPlatformExample 2022-07-27T23:30:42Z logger.go:66:                       + authentication    = {
TestTerraformConfluentPlatformExample 2022-07-27T23:30:42Z logger.go:66:                           + jaasConfig            = {
TestTerraformConfluentPlatformExample 2022-07-27T23:30:42Z logger.go:66:                               + secretRef = (known after apply)
TestTerraformConfluentPlatformExample 2022-07-27T23:30:42Z logger.go:66:                             }
TestTerraformConfluentPlatformExample 2022-07-27T23:30:42Z logger.go:66:                           + jaasConfigPassThrough = {
TestTerraformConfluentPlatformExample 2022-07-27T23:30:42Z logger.go:66:                               + directoryPathInContainer = (known after apply)
TestTerraformConfluentPlatformExample 2022-07-27T23:30:42Z logger.go:66:                               + secretRef                = (known after apply)
TestTerraformConfluentPlatformExample 2022-07-27T23:30:42Z logger.go:66:                             }
TestTerraformConfluentPlatformExample 2022-07-27T23:30:42Z logger.go:66:                           + oauthbearer           = {
TestTerraformConfluentPlatformExample 2022-07-27T23:30:42Z logger.go:66:                               + directoryPathInContainer = (known after apply)
TestTerraformConfluentPlatformExample 2022-07-27T23:30:42Z logger.go:66:                               + secretRef                = (known after apply)
TestTerraformConfluentPlatformExample 2022-07-27T23:30:42Z logger.go:66:                             }
TestTerraformConfluentPlatformExample 2022-07-27T23:30:42Z logger.go:66:                           + type                  = (known after apply)
TestTerraformConfluentPlatformExample 2022-07-27T23:30:42Z logger.go:66:                         }
TestTerraformConfluentPlatformExample 2022-07-27T23:30:42Z logger.go:66:                       + bootstrapEndpoint = "kafka:9071"
TestTerraformConfluentPlatformExample 2022-07-27T23:30:42Z logger.go:66:                       + discovery         = {
TestTerraformConfluentPlatformExample 2022-07-27T23:30:42Z logger.go:66:                           + name      = (known after apply)
TestTerraformConfluentPlatformExample 2022-07-27T23:30:42Z logger.go:66:                           + namespace = (known after apply)
TestTerraformConfluentPlatformExample 2022-07-27T23:30:42Z logger.go:66:                           + secretRef = (known after apply)
TestTerraformConfluentPlatformExample 2022-07-27T23:30:42Z logger.go:66:                         }
TestTerraformConfluentPlatformExample 2022-07-27T23:30:42Z logger.go:66:                       + tls               = {
TestTerraformConfluentPlatformExample 2022-07-27T23:30:42Z logger.go:66:                           + directoryPathInContainer = (known after apply)
TestTerraformConfluentPlatformExample 2022-07-27T23:30:42Z logger.go:66:                           + enabled                  = (known after apply)
TestTerraformConfluentPlatformExample 2022-07-27T23:30:42Z logger.go:66:                           + ignoreTrustStoreConfig   = (known after apply)
TestTerraformConfluentPlatformExample 2022-07-27T23:30:42Z logger.go:66:                           + jksPassword              = {
TestTerraformConfluentPlatformExample 2022-07-27T23:30:42Z logger.go:66:                               + secretRef = (known after apply)
TestTerraformConfluentPlatformExample 2022-07-27T23:30:42Z logger.go:66:                             }
TestTerraformConfluentPlatformExample 2022-07-27T23:30:42Z logger.go:66:                           + secretRef                = (known after apply)
TestTerraformConfluentPlatformExample 2022-07-27T23:30:42Z logger.go:66:                         }
TestTerraformConfluentPlatformExample 2022-07-27T23:30:42Z logger.go:66:                     }
TestTerraformConfluentPlatformExample 2022-07-27T23:30:42Z logger.go:66:                   + mds            = {
TestTerraformConfluentPlatformExample 2022-07-27T23:30:42Z logger.go:66:                       + authentication = {
TestTerraformConfluentPlatformExample 2022-07-27T23:30:42Z logger.go:66:                           + bearer = {
TestTerraformConfluentPlatformExample 2022-07-27T23:30:42Z logger.go:66:                               + directoryPathInContainer = (known after apply)
TestTerraformConfluentPlatformExample 2022-07-27T23:30:42Z logger.go:66:                               + secretRef                = (known after apply)
TestTerraformConfluentPlatformExample 2022-07-27T23:30:42Z logger.go:66:                             }
TestTerraformConfluentPlatformExample 2022-07-27T23:30:42Z logger.go:66:                           + type   = (known after apply)
TestTerraformConfluentPlatformExample 2022-07-27T23:30:42Z logger.go:66:                         }
TestTerraformConfluentPlatformExample 2022-07-27T23:30:42Z logger.go:66:                       + endpoint       = (known after apply)
TestTerraformConfluentPlatformExample 2022-07-27T23:30:42Z logger.go:66:                       + tls            = {
TestTerraformConfluentPlatformExample 2022-07-27T23:30:42Z logger.go:66:                           + directoryPathInContainer = (known after apply)
TestTerraformConfluentPlatformExample 2022-07-27T23:30:42Z logger.go:66:                           + enabled                  = (known after apply)
TestTerraformConfluentPlatformExample 2022-07-27T23:30:42Z logger.go:66:                           + ignoreTrustStoreConfig   = (known after apply)
TestTerraformConfluentPlatformExample 2022-07-27T23:30:42Z logger.go:66:                           + jksPassword              = {
TestTerraformConfluentPlatformExample 2022-07-27T23:30:42Z logger.go:66:                               + secretRef = (known after apply)
TestTerraformConfluentPlatformExample 2022-07-27T23:30:42Z logger.go:66:                             }
TestTerraformConfluentPlatformExample 2022-07-27T23:30:42Z logger.go:66:                           + secretRef                = (known after apply)
TestTerraformConfluentPlatformExample 2022-07-27T23:30:42Z logger.go:66:                         }
TestTerraformConfluentPlatformExample 2022-07-27T23:30:42Z logger.go:66:                       + tokenKeyPair   = {
TestTerraformConfluentPlatformExample 2022-07-27T23:30:42Z logger.go:66:                           + directoryPathInContainer = (known after apply)
TestTerraformConfluentPlatformExample 2022-07-27T23:30:42Z logger.go:66:                           + secretRef                = (known after apply)
TestTerraformConfluentPlatformExample 2022-07-27T23:30:42Z logger.go:66:                         }
TestTerraformConfluentPlatformExample 2022-07-27T23:30:42Z logger.go:66:                     }
TestTerraformConfluentPlatformExample 2022-07-27T23:30:42Z logger.go:66:                   + producer       = {
TestTerraformConfluentPlatformExample 2022-07-27T23:30:42Z logger.go:66:                       + authentication    = {
TestTerraformConfluentPlatformExample 2022-07-27T23:30:42Z logger.go:66:                           + jaasConfig            = {
TestTerraformConfluentPlatformExample 2022-07-27T23:30:42Z logger.go:66:                               + secretRef = (known after apply)
TestTerraformConfluentPlatformExample 2022-07-27T23:30:42Z logger.go:66:                             }
TestTerraformConfluentPlatformExample 2022-07-27T23:30:42Z logger.go:66:                           + jaasConfigPassThrough = {
TestTerraformConfluentPlatformExample 2022-07-27T23:30:42Z logger.go:66:                               + directoryPathInContainer = (known after apply)
TestTerraformConfluentPlatformExample 2022-07-27T23:30:42Z logger.go:66:                               + secretRef                = (known after apply)
TestTerraformConfluentPlatformExample 2022-07-27T23:30:42Z logger.go:66:                             }
TestTerraformConfluentPlatformExample 2022-07-27T23:30:42Z logger.go:66:                           + oauthbearer           = {
TestTerraformConfluentPlatformExample 2022-07-27T23:30:42Z logger.go:66:                               + directoryPathInContainer = (known after apply)
TestTerraformConfluentPlatformExample 2022-07-27T23:30:42Z logger.go:66:                               + secretRef                = (known after apply)
TestTerraformConfluentPlatformExample 2022-07-27T23:30:42Z logger.go:66:                             }
TestTerraformConfluentPlatformExample 2022-07-27T23:30:42Z logger.go:66:                           + type                  = (known after apply)
TestTerraformConfluentPlatformExample 2022-07-27T23:30:42Z logger.go:66:                         }
TestTerraformConfluentPlatformExample 2022-07-27T23:30:42Z logger.go:66:                       + bootstrapEndpoint = (known after apply)
TestTerraformConfluentPlatformExample 2022-07-27T23:30:42Z logger.go:66:                       + discovery         = {
TestTerraformConfluentPlatformExample 2022-07-27T23:30:42Z logger.go:66:                           + name      = (known after apply)
TestTerraformConfluentPlatformExample 2022-07-27T23:30:42Z logger.go:66:                           + namespace = (known after apply)
TestTerraformConfluentPlatformExample 2022-07-27T23:30:42Z logger.go:66:                           + secretRef = (known after apply)
TestTerraformConfluentPlatformExample 2022-07-27T23:30:42Z logger.go:66:                         }
TestTerraformConfluentPlatformExample 2022-07-27T23:30:42Z logger.go:66:                       + tls               = {
TestTerraformConfluentPlatformExample 2022-07-27T23:30:42Z logger.go:66:                           + directoryPathInContainer = (known after apply)
TestTerraformConfluentPlatformExample 2022-07-27T23:30:42Z logger.go:66:                           + enabled                  = (known after apply)
TestTerraformConfluentPlatformExample 2022-07-27T23:30:42Z logger.go:66:                           + ignoreTrustStoreConfig   = (known after apply)
TestTerraformConfluentPlatformExample 2022-07-27T23:30:42Z logger.go:66:                           + jksPassword              = {
TestTerraformConfluentPlatformExample 2022-07-27T23:30:42Z logger.go:66:                               + secretRef = (known after apply)
TestTerraformConfluentPlatformExample 2022-07-27T23:30:42Z logger.go:66:                             }
TestTerraformConfluentPlatformExample 2022-07-27T23:30:42Z logger.go:66:                           + secretRef                = (known after apply)
TestTerraformConfluentPlatformExample 2022-07-27T23:30:42Z logger.go:66:                         }
TestTerraformConfluentPlatformExample 2022-07-27T23:30:42Z logger.go:66:                     }
TestTerraformConfluentPlatformExample 2022-07-27T23:30:42Z logger.go:66:                   + schemaRegistry = {
TestTerraformConfluentPlatformExample 2022-07-27T23:30:42Z logger.go:66:                       + authentication = {
TestTerraformConfluentPlatformExample 2022-07-27T23:30:42Z logger.go:66:                           + basic = {
TestTerraformConfluentPlatformExample 2022-07-27T23:30:42Z logger.go:66:                               + debug                    = (known after apply)
TestTerraformConfluentPlatformExample 2022-07-27T23:30:42Z logger.go:66:                               + directoryPathInContainer = (known after apply)
TestTerraformConfluentPlatformExample 2022-07-27T23:30:42Z logger.go:66:                               + restrictedRoles          = (known after apply)
TestTerraformConfluentPlatformExample 2022-07-27T23:30:42Z logger.go:66:                               + roles                    = (known after apply)
TestTerraformConfluentPlatformExample 2022-07-27T23:30:42Z logger.go:66:                               + secretRef                = (known after apply)
TestTerraformConfluentPlatformExample 2022-07-27T23:30:42Z logger.go:66:                             }
TestTerraformConfluentPlatformExample 2022-07-27T23:30:42Z logger.go:66:                           + type  = (known after apply)
TestTerraformConfluentPlatformExample 2022-07-27T23:30:42Z logger.go:66:                         }
TestTerraformConfluentPlatformExample 2022-07-27T23:30:42Z logger.go:66:                       + tls            = {
TestTerraformConfluentPlatformExample 2022-07-27T23:30:42Z logger.go:66:                           + directoryPathInContainer = (known after apply)
TestTerraformConfluentPlatformExample 2022-07-27T23:30:42Z logger.go:66:                           + enabled                  = (known after apply)
TestTerraformConfluentPlatformExample 2022-07-27T23:30:42Z logger.go:66:                           + ignoreTrustStoreConfig   = (known after apply)
TestTerraformConfluentPlatformExample 2022-07-27T23:30:42Z logger.go:66:                           + jksPassword              = {
TestTerraformConfluentPlatformExample 2022-07-27T23:30:42Z logger.go:66:                               + secretRef = (known after apply)
TestTerraformConfluentPlatformExample 2022-07-27T23:30:42Z logger.go:66:                             }
TestTerraformConfluentPlatformExample 2022-07-27T23:30:42Z logger.go:66:                           + secretRef                = (known after apply)
TestTerraformConfluentPlatformExample 2022-07-27T23:30:42Z logger.go:66:                         }
TestTerraformConfluentPlatformExample 2022-07-27T23:30:42Z logger.go:66:                       + url            = (known after apply)
TestTerraformConfluentPlatformExample 2022-07-27T23:30:42Z logger.go:66:                     }
TestTerraformConfluentPlatformExample 2022-07-27T23:30:42Z logger.go:66:                 }
TestTerraformConfluentPlatformExample 2022-07-27T23:30:42Z logger.go:66:               + enableSchemas                  = (known after apply)
TestTerraformConfluentPlatformExample 2022-07-27T23:30:42Z logger.go:66:               + externalAccess                 = {
TestTerraformConfluentPlatformExample 2022-07-27T23:30:42Z logger.go:66:                   + loadBalancer = {
TestTerraformConfluentPlatformExample 2022-07-27T23:30:42Z logger.go:66:                       + advertisedURL            = {
TestTerraformConfluentPlatformExample 2022-07-27T23:30:42Z logger.go:66:                           + enabled = (known after apply)
TestTerraformConfluentPlatformExample 2022-07-27T23:30:42Z logger.go:66:                           + prefix  = (known after apply)
TestTerraformConfluentPlatformExample 2022-07-27T23:30:42Z logger.go:66:                         }
TestTerraformConfluentPlatformExample 2022-07-27T23:30:42Z logger.go:66:                       + annotations              = (known after apply)
TestTerraformConfluentPlatformExample 2022-07-27T23:30:42Z logger.go:66:                       + domain                   = (known after apply)
TestTerraformConfluentPlatformExample 2022-07-27T23:30:42Z logger.go:66:                       + externalTrafficPolicy    = (known after apply)
TestTerraformConfluentPlatformExample 2022-07-27T23:30:42Z logger.go:66:                       + labels                   = (known after apply)
TestTerraformConfluentPlatformExample 2022-07-27T23:30:42Z logger.go:66:                       + loadBalancerSourceRanges = (known after apply)
TestTerraformConfluentPlatformExample 2022-07-27T23:30:42Z logger.go:66:                       + port                     = (known after apply)
TestTerraformConfluentPlatformExample 2022-07-27T23:30:42Z logger.go:66:                       + prefix                   = (known after apply)
TestTerraformConfluentPlatformExample 2022-07-27T23:30:42Z logger.go:66:                       + servicePorts             = (known after apply)
TestTerraformConfluentPlatformExample 2022-07-27T23:30:42Z logger.go:66:                       + sessionAffinity          = (known after apply)
TestTerraformConfluentPlatformExample 2022-07-27T23:30:42Z logger.go:66:                       + sessionAffinityConfig    = {
TestTerraformConfluentPlatformExample 2022-07-27T23:30:42Z logger.go:66:                           + clientIP = {
TestTerraformConfluentPlatformExample 2022-07-27T23:30:42Z logger.go:66:                               + timeoutSeconds = (known after apply)
TestTerraformConfluentPlatformExample 2022-07-27T23:30:42Z logger.go:66:                             }
TestTerraformConfluentPlatformExample 2022-07-27T23:30:42Z logger.go:66:                         }
TestTerraformConfluentPlatformExample 2022-07-27T23:30:42Z logger.go:66:                     }
TestTerraformConfluentPlatformExample 2022-07-27T23:30:42Z logger.go:66:                   + nodePort     = {
TestTerraformConfluentPlatformExample 2022-07-27T23:30:42Z logger.go:66:                       + advertisedURL         = {
TestTerraformConfluentPlatformExample 2022-07-27T23:30:42Z logger.go:66:                           + enabled = (known after apply)
TestTerraformConfluentPlatformExample 2022-07-27T23:30:42Z logger.go:66:                           + prefix  = (known after apply)
TestTerraformConfluentPlatformExample 2022-07-27T23:30:42Z logger.go:66:                         }
TestTerraformConfluentPlatformExample 2022-07-27T23:30:42Z logger.go:66:                       + annotations           = (known after apply)
TestTerraformConfluentPlatformExample 2022-07-27T23:30:42Z logger.go:66:                       + externalTrafficPolicy = (known after apply)
TestTerraformConfluentPlatformExample 2022-07-27T23:30:42Z logger.go:66:                       + host                  = (known after apply)
TestTerraformConfluentPlatformExample 2022-07-27T23:30:42Z logger.go:66:                       + labels                = (known after apply)
TestTerraformConfluentPlatformExample 2022-07-27T23:30:42Z logger.go:66:                       + nodePortOffset        = (known after apply)
TestTerraformConfluentPlatformExample 2022-07-27T23:30:42Z logger.go:66:                       + servicePorts          = (known after apply)
TestTerraformConfluentPlatformExample 2022-07-27T23:30:42Z logger.go:66:                       + sessionAffinity       = (known after apply)
TestTerraformConfluentPlatformExample 2022-07-27T23:30:42Z logger.go:66:                       + sessionAffinityConfig = {
TestTerraformConfluentPlatformExample 2022-07-27T23:30:42Z logger.go:66:                           + clientIP = {
TestTerraformConfluentPlatformExample 2022-07-27T23:30:42Z logger.go:66:                               + timeoutSeconds = (known after apply)
TestTerraformConfluentPlatformExample 2022-07-27T23:30:42Z logger.go:66:                             }
TestTerraformConfluentPlatformExample 2022-07-27T23:30:42Z logger.go:66:                         }
TestTerraformConfluentPlatformExample 2022-07-27T23:30:42Z logger.go:66:                     }
TestTerraformConfluentPlatformExample 2022-07-27T23:30:42Z logger.go:66:                   + route        = {
TestTerraformConfluentPlatformExample 2022-07-27T23:30:42Z logger.go:66:                       + annotations    = (known after apply)
TestTerraformConfluentPlatformExample 2022-07-27T23:30:42Z logger.go:66:                       + domain         = (known after apply)
TestTerraformConfluentPlatformExample 2022-07-27T23:30:42Z logger.go:66:                       + labels         = (known after apply)
TestTerraformConfluentPlatformExample 2022-07-27T23:30:42Z logger.go:66:                       + prefix         = (known after apply)
TestTerraformConfluentPlatformExample 2022-07-27T23:30:42Z logger.go:66:                       + wildcardPolicy = (known after apply)
TestTerraformConfluentPlatformExample 2022-07-27T23:30:42Z logger.go:66:                     }
TestTerraformConfluentPlatformExample 2022-07-27T23:30:42Z logger.go:66:                   + type         = (known after apply)
TestTerraformConfluentPlatformExample 2022-07-27T23:30:42Z logger.go:66:                 }
TestTerraformConfluentPlatformExample 2022-07-27T23:30:42Z logger.go:66:               + headlessService                = {
TestTerraformConfluentPlatformExample 2022-07-27T23:30:42Z logger.go:66:                   + annotations              = (known after apply)
TestTerraformConfluentPlatformExample 2022-07-27T23:30:42Z logger.go:66:                   + labels                   = (known after apply)
TestTerraformConfluentPlatformExample 2022-07-27T23:30:42Z logger.go:66:                   + publishNotReadyAddresses = (known after apply)
TestTerraformConfluentPlatformExample 2022-07-27T23:30:42Z logger.go:66:                 }
TestTerraformConfluentPlatformExample 2022-07-27T23:30:42Z logger.go:66:               + image                          = {
TestTerraformConfluentPlatformExample 2022-07-27T23:30:42Z logger.go:66:                   + application   = "confluentinc/cp-server-connect:7.2.0"
TestTerraformConfluentPlatformExample 2022-07-27T23:30:42Z logger.go:66:                   + init          = "confluentinc/confluent-init-container:2.4.0"
TestTerraformConfluentPlatformExample 2022-07-27T23:30:42Z logger.go:66:                   + pullPolicy    = (known after apply)
TestTerraformConfluentPlatformExample 2022-07-27T23:30:42Z logger.go:66:                   + pullSecretRef = (known after apply)
TestTerraformConfluentPlatformExample 2022-07-27T23:30:42Z logger.go:66:                 }
TestTerraformConfluentPlatformExample 2022-07-27T23:30:42Z logger.go:66:               + injectAnnotations              = (known after apply)
TestTerraformConfluentPlatformExample 2022-07-27T23:30:42Z logger.go:66:               + injectLabels                   = (known after apply)
TestTerraformConfluentPlatformExample 2022-07-27T23:30:42Z logger.go:66:               + internalTopicReplicationFactor = (known after apply)
TestTerraformConfluentPlatformExample 2022-07-27T23:30:42Z logger.go:66:               + k8sClusterDomain               = (known after apply)
TestTerraformConfluentPlatformExample 2022-07-27T23:30:42Z logger.go:66:               + keyConverterType               = (known after apply)
TestTerraformConfluentPlatformExample 2022-07-27T23:30:42Z logger.go:66:               + license                        = {
TestTerraformConfluentPlatformExample 2022-07-27T23:30:42Z logger.go:66:                   + directoryPathInContainer = (known after apply)
TestTerraformConfluentPlatformExample 2022-07-27T23:30:42Z logger.go:66:                   + globalLicense            = (known after apply)
TestTerraformConfluentPlatformExample 2022-07-27T23:30:42Z logger.go:66:                   + secretRef                = (known after apply)
TestTerraformConfluentPlatformExample 2022-07-27T23:30:42Z logger.go:66:                 }
TestTerraformConfluentPlatformExample 2022-07-27T23:30:42Z logger.go:66:               + metrics                        = {
TestTerraformConfluentPlatformExample 2022-07-27T23:30:42Z logger.go:66:                   + authentication = {
TestTerraformConfluentPlatformExample 2022-07-27T23:30:42Z logger.go:66:                       + type = (known after apply)
TestTerraformConfluentPlatformExample 2022-07-27T23:30:42Z logger.go:66:                     }
TestTerraformConfluentPlatformExample 2022-07-27T23:30:42Z logger.go:66:                   + prometheus     = {
TestTerraformConfluentPlatformExample 2022-07-27T23:30:42Z logger.go:66:                       + blacklist = (known after apply)
TestTerraformConfluentPlatformExample 2022-07-27T23:30:42Z logger.go:66:                       + rules     = (known after apply)
TestTerraformConfluentPlatformExample 2022-07-27T23:30:42Z logger.go:66:                       + whitelist = (known after apply)
TestTerraformConfluentPlatformExample 2022-07-27T23:30:42Z logger.go:66:                     }
TestTerraformConfluentPlatformExample 2022-07-27T23:30:42Z logger.go:66:                   + tls            = {
TestTerraformConfluentPlatformExample 2022-07-27T23:30:42Z logger.go:66:                       + directoryPathInContainer = (known after apply)
TestTerraformConfluentPlatformExample 2022-07-27T23:30:42Z logger.go:66:                       + enabled                  = (known after apply)
TestTerraformConfluentPlatformExample 2022-07-27T23:30:42Z logger.go:66:                       + ignoreTrustStoreConfig   = (known after apply)
TestTerraformConfluentPlatformExample 2022-07-27T23:30:42Z logger.go:66:                       + jksPassword              = {
TestTerraformConfluentPlatformExample 2022-07-27T23:30:42Z logger.go:66:                           + secretRef = (known after apply)
TestTerraformConfluentPlatformExample 2022-07-27T23:30:42Z logger.go:66:                         }
TestTerraformConfluentPlatformExample 2022-07-27T23:30:42Z logger.go:66:                       + secretRef                = (known after apply)
TestTerraformConfluentPlatformExample 2022-07-27T23:30:42Z logger.go:66:                     }
TestTerraformConfluentPlatformExample 2022-07-27T23:30:42Z logger.go:66:                 }
TestTerraformConfluentPlatformExample 2022-07-27T23:30:42Z logger.go:66:               + mountedSecrets                 = (known after apply)
TestTerraformConfluentPlatformExample 2022-07-27T23:30:42Z logger.go:66:               + mountedVolumes                 = {
TestTerraformConfluentPlatformExample 2022-07-27T23:30:42Z logger.go:66:                   + volumeMounts = (known after apply)
TestTerraformConfluentPlatformExample 2022-07-27T23:30:42Z logger.go:66:                   + volumes      = (known after apply)
TestTerraformConfluentPlatformExample 2022-07-27T23:30:42Z logger.go:66:                 }
TestTerraformConfluentPlatformExample 2022-07-27T23:30:42Z logger.go:66:               + oneReplicaPerNode              = (known after apply)
TestTerraformConfluentPlatformExample 2022-07-27T23:30:42Z logger.go:66:               + podTemplate                    = {
TestTerraformConfluentPlatformExample 2022-07-27T23:30:42Z logger.go:66:                   + affinity                      = {
TestTerraformConfluentPlatformExample 2022-07-27T23:30:42Z logger.go:66:                       + nodeAffinity    = {
TestTerraformConfluentPlatformExample 2022-07-27T23:30:42Z logger.go:66:                           + preferredDuringSchedulingIgnoredDuringExecution = (known after apply)
TestTerraformConfluentPlatformExample 2022-07-27T23:30:42Z logger.go:66:                           + requiredDuringSchedulingIgnoredDuringExecution  = {
TestTerraformConfluentPlatformExample 2022-07-27T23:30:42Z logger.go:66:                               + nodeSelectorTerms = (known after apply)
TestTerraformConfluentPlatformExample 2022-07-27T23:30:42Z logger.go:66:                             }
TestTerraformConfluentPlatformExample 2022-07-27T23:30:42Z logger.go:66:                         }
TestTerraformConfluentPlatformExample 2022-07-27T23:30:42Z logger.go:66:                       + podAffinity     = {
TestTerraformConfluentPlatformExample 2022-07-27T23:30:42Z logger.go:66:                           + preferredDuringSchedulingIgnoredDuringExecution = (known after apply)
TestTerraformConfluentPlatformExample 2022-07-27T23:30:42Z logger.go:66:                           + requiredDuringSchedulingIgnoredDuringExecution  = (known after apply)
TestTerraformConfluentPlatformExample 2022-07-27T23:30:42Z logger.go:66:                         }
TestTerraformConfluentPlatformExample 2022-07-27T23:30:42Z logger.go:66:                       + podAntiAffinity = {
TestTerraformConfluentPlatformExample 2022-07-27T23:30:42Z logger.go:66:                           + preferredDuringSchedulingIgnoredDuringExecution = (known after apply)
TestTerraformConfluentPlatformExample 2022-07-27T23:30:42Z logger.go:66:                           + requiredDuringSchedulingIgnoredDuringExecution  = (known after apply)
TestTerraformConfluentPlatformExample 2022-07-27T23:30:42Z logger.go:66:                         }
TestTerraformConfluentPlatformExample 2022-07-27T23:30:42Z logger.go:66:                     }
TestTerraformConfluentPlatformExample 2022-07-27T23:30:42Z logger.go:66:                   + annotations                   = (known after apply)
TestTerraformConfluentPlatformExample 2022-07-27T23:30:42Z logger.go:66:                   + envVars                       = (known after apply)
TestTerraformConfluentPlatformExample 2022-07-27T23:30:42Z logger.go:66:                   + labels                        = (known after apply)
TestTerraformConfluentPlatformExample 2022-07-27T23:30:42Z logger.go:66:                   + podSecurityContext            = {
TestTerraformConfluentPlatformExample 2022-07-27T23:30:42Z logger.go:66:                       + fsGroup             = (known after apply)
TestTerraformConfluentPlatformExample 2022-07-27T23:30:42Z logger.go:66:                       + fsGroupChangePolicy = (known after apply)
TestTerraformConfluentPlatformExample 2022-07-27T23:30:42Z logger.go:66:                       + runAsGroup          = (known after apply)
TestTerraformConfluentPlatformExample 2022-07-27T23:30:42Z logger.go:66:                       + runAsNonRoot        = (known after apply)
TestTerraformConfluentPlatformExample 2022-07-27T23:30:42Z logger.go:66:                       + runAsUser           = (known after apply)
TestTerraformConfluentPlatformExample 2022-07-27T23:30:42Z logger.go:66:                       + seLinuxOptions      = {
TestTerraformConfluentPlatformExample 2022-07-27T23:30:42Z logger.go:66:                           + level = (known after apply)
TestTerraformConfluentPlatformExample 2022-07-27T23:30:42Z logger.go:66:                           + role  = (known after apply)
TestTerraformConfluentPlatformExample 2022-07-27T23:30:42Z logger.go:66:                           + type  = (known after apply)
TestTerraformConfluentPlatformExample 2022-07-27T23:30:42Z logger.go:66:                           + user  = (known after apply)
TestTerraformConfluentPlatformExample 2022-07-27T23:30:42Z logger.go:66:                         }
TestTerraformConfluentPlatformExample 2022-07-27T23:30:42Z logger.go:66:                       + seccompProfile      = {
TestTerraformConfluentPlatformExample 2022-07-27T23:30:42Z logger.go:66:                           + localhostProfile = (known after apply)
TestTerraformConfluentPlatformExample 2022-07-27T23:30:42Z logger.go:66:                           + type             = (known after apply)
TestTerraformConfluentPlatformExample 2022-07-27T23:30:42Z logger.go:66:                         }
TestTerraformConfluentPlatformExample 2022-07-27T23:30:42Z logger.go:66:                       + supplementalGroups  = (known after apply)
TestTerraformConfluentPlatformExample 2022-07-27T23:30:42Z logger.go:66:                       + sysctls             = (known after apply)
TestTerraformConfluentPlatformExample 2022-07-27T23:30:42Z logger.go:66:                       + windowsOptions      = {
TestTerraformConfluentPlatformExample 2022-07-27T23:30:42Z logger.go:66:                           + gmsaCredentialSpec     = (known after apply)
TestTerraformConfluentPlatformExample 2022-07-27T23:30:42Z logger.go:66:                           + gmsaCredentialSpecName = (known after apply)
TestTerraformConfluentPlatformExample 2022-07-27T23:30:42Z logger.go:66:                           + hostProcess            = (known after apply)
TestTerraformConfluentPlatformExample 2022-07-27T23:30:42Z logger.go:66:                           + runAsUserName          = (known after apply)
TestTerraformConfluentPlatformExample 2022-07-27T23:30:42Z logger.go:66:                         }
TestTerraformConfluentPlatformExample 2022-07-27T23:30:42Z logger.go:66:                     }
TestTerraformConfluentPlatformExample 2022-07-27T23:30:42Z logger.go:66:                   + priorityClassName             = (known after apply)
TestTerraformConfluentPlatformExample 2022-07-27T23:30:42Z logger.go:66:                   + probe                         = {
TestTerraformConfluentPlatformExample 2022-07-27T23:30:42Z logger.go:66:                       + liveness  = {
TestTerraformConfluentPlatformExample 2022-07-27T23:30:42Z logger.go:66:                           + failureThreshold    = (known after apply)
TestTerraformConfluentPlatformExample 2022-07-27T23:30:42Z logger.go:66:                           + initialDelaySeconds = (known after apply)
TestTerraformConfluentPlatformExample 2022-07-27T23:30:42Z logger.go:66:                           + periodSeconds       = (known after apply)
TestTerraformConfluentPlatformExample 2022-07-27T23:30:42Z logger.go:66:                           + successThreshold    = (known after apply)
TestTerraformConfluentPlatformExample 2022-07-27T23:30:42Z logger.go:66:                           + timeoutSeconds      = (known after apply)
TestTerraformConfluentPlatformExample 2022-07-27T23:30:42Z logger.go:66:                         }
TestTerraformConfluentPlatformExample 2022-07-27T23:30:42Z logger.go:66:                       + readiness = {
TestTerraformConfluentPlatformExample 2022-07-27T23:30:42Z logger.go:66:                           + failureThreshold    = (known after apply)
TestTerraformConfluentPlatformExample 2022-07-27T23:30:42Z logger.go:66:                           + initialDelaySeconds = (known after apply)
TestTerraformConfluentPlatformExample 2022-07-27T23:30:42Z logger.go:66:                           + periodSeconds       = (known after apply)
TestTerraformConfluentPlatformExample 2022-07-27T23:30:42Z logger.go:66:                           + successThreshold    = (known after apply)
TestTerraformConfluentPlatformExample 2022-07-27T23:30:42Z logger.go:66:                           + timeoutSeconds      = (known after apply)
TestTerraformConfluentPlatformExample 2022-07-27T23:30:42Z logger.go:66:                         }
TestTerraformConfluentPlatformExample 2022-07-27T23:30:42Z logger.go:66:                     }
TestTerraformConfluentPlatformExample 2022-07-27T23:30:42Z logger.go:66:                   + resources                     = {
TestTerraformConfluentPlatformExample 2022-07-27T23:30:42Z logger.go:66:                       + limits   = (known after apply)
TestTerraformConfluentPlatformExample 2022-07-27T23:30:42Z logger.go:66:                       + requests = (known after apply)
TestTerraformConfluentPlatformExample 2022-07-27T23:30:42Z logger.go:66:                     }
TestTerraformConfluentPlatformExample 2022-07-27T23:30:42Z logger.go:66:                   + securityContext               = {
TestTerraformConfluentPlatformExample 2022-07-27T23:30:42Z logger.go:66:                       + allowPrivilegeEscalation = (known after apply)
TestTerraformConfluentPlatformExample 2022-07-27T23:30:42Z logger.go:66:                       + capabilities             = {
TestTerraformConfluentPlatformExample 2022-07-27T23:30:42Z logger.go:66:                           + add  = (known after apply)
TestTerraformConfluentPlatformExample 2022-07-27T23:30:42Z logger.go:66:                           + drop = (known after apply)
TestTerraformConfluentPlatformExample 2022-07-27T23:30:42Z logger.go:66:                         }
TestTerraformConfluentPlatformExample 2022-07-27T23:30:42Z logger.go:66:                       + privileged               = (known after apply)
TestTerraformConfluentPlatformExample 2022-07-27T23:30:42Z logger.go:66:                       + procMount                = (known after apply)
TestTerraformConfluentPlatformExample 2022-07-27T23:30:42Z logger.go:66:                       + readOnlyRootFilesystem   = (known after apply)
TestTerraformConfluentPlatformExample 2022-07-27T23:30:42Z logger.go:66:                       + runAsGroup               = (known after apply)
TestTerraformConfluentPlatformExample 2022-07-27T23:30:42Z logger.go:66:                       + runAsNonRoot             = (known after apply)
TestTerraformConfluentPlatformExample 2022-07-27T23:30:42Z logger.go:66:                       + runAsUser                = (known after apply)
TestTerraformConfluentPlatformExample 2022-07-27T23:30:42Z logger.go:66:                       + seLinuxOptions           = {
TestTerraformConfluentPlatformExample 2022-07-27T23:30:42Z logger.go:66:                           + level = (known after apply)
TestTerraformConfluentPlatformExample 2022-07-27T23:30:42Z logger.go:66:                           + role  = (known after apply)
TestTerraformConfluentPlatformExample 2022-07-27T23:30:42Z logger.go:66:                           + type  = (known after apply)
TestTerraformConfluentPlatformExample 2022-07-27T23:30:42Z logger.go:66:                           + user  = (known after apply)
TestTerraformConfluentPlatformExample 2022-07-27T23:30:42Z logger.go:66:                         }
TestTerraformConfluentPlatformExample 2022-07-27T23:30:42Z logger.go:66:                       + seccompProfile           = {
TestTerraformConfluentPlatformExample 2022-07-27T23:30:42Z logger.go:66:                           + localhostProfile = (known after apply)
TestTerraformConfluentPlatformExample 2022-07-27T23:30:42Z logger.go:66:                           + type             = (known after apply)
TestTerraformConfluentPlatformExample 2022-07-27T23:30:42Z logger.go:66:                         }
TestTerraformConfluentPlatformExample 2022-07-27T23:30:42Z logger.go:66:                       + windowsOptions           = {
TestTerraformConfluentPlatformExample 2022-07-27T23:30:42Z logger.go:66:                           + gmsaCredentialSpec     = (known after apply)
TestTerraformConfluentPlatformExample 2022-07-27T23:30:42Z logger.go:66:                           + gmsaCredentialSpecName = (known after apply)
TestTerraformConfluentPlatformExample 2022-07-27T23:30:42Z logger.go:66:                           + hostProcess            = (known after apply)
TestTerraformConfluentPlatformExample 2022-07-27T23:30:42Z logger.go:66:                           + runAsUserName          = (known after apply)
TestTerraformConfluentPlatformExample 2022-07-27T23:30:42Z logger.go:66:                         }
TestTerraformConfluentPlatformExample 2022-07-27T23:30:42Z logger.go:66:                     }
TestTerraformConfluentPlatformExample 2022-07-27T23:30:42Z logger.go:66:                   + serviceAccountName            = (known after apply)
TestTerraformConfluentPlatformExample 2022-07-27T23:30:42Z logger.go:66:                   + terminationGracePeriodSeconds = (known after apply)
TestTerraformConfluentPlatformExample 2022-07-27T23:30:42Z logger.go:66:                   + tolerations                   = (known after apply)
TestTerraformConfluentPlatformExample 2022-07-27T23:30:42Z logger.go:66:                   + topologySpreadConstraints     = (known after apply)
TestTerraformConfluentPlatformExample 2022-07-27T23:30:42Z logger.go:66:                 }
TestTerraformConfluentPlatformExample 2022-07-27T23:30:42Z logger.go:66:               + replicas                       = 1
TestTerraformConfluentPlatformExample 2022-07-27T23:30:42Z logger.go:66:               + telemetry                      = {
TestTerraformConfluentPlatformExample 2022-07-27T23:30:42Z logger.go:66:                   + global = (known after apply)
TestTerraformConfluentPlatformExample 2022-07-27T23:30:42Z logger.go:66:                 }
TestTerraformConfluentPlatformExample 2022-07-27T23:30:42Z logger.go:66:               + tls                            = {
TestTerraformConfluentPlatformExample 2022-07-27T23:30:42Z logger.go:66:                   + autoGeneratedCerts       = (known after apply)
TestTerraformConfluentPlatformExample 2022-07-27T23:30:42Z logger.go:66:                   + directoryPathInContainer = (known after apply)
TestTerraformConfluentPlatformExample 2022-07-27T23:30:42Z logger.go:66:                   + ignoreTrustStoreConfig   = (known after apply)
TestTerraformConfluentPlatformExample 2022-07-27T23:30:42Z logger.go:66:                   + jksPassword              = {
TestTerraformConfluentPlatformExample 2022-07-27T23:30:42Z logger.go:66:                       + secretRef = (known after apply)
TestTerraformConfluentPlatformExample 2022-07-27T23:30:42Z logger.go:66:                     }
TestTerraformConfluentPlatformExample 2022-07-27T23:30:42Z logger.go:66:                   + secretRef                = (known after apply)
TestTerraformConfluentPlatformExample 2022-07-27T23:30:42Z logger.go:66:                 }
TestTerraformConfluentPlatformExample 2022-07-27T23:30:42Z logger.go:66:               + valueConverterType             = (known after apply)
TestTerraformConfluentPlatformExample 2022-07-27T23:30:42Z logger.go:66:             }
TestTerraformConfluentPlatformExample 2022-07-27T23:30:42Z logger.go:66:         }
TestTerraformConfluentPlatformExample 2022-07-27T23:30:42Z logger.go:66:
TestTerraformConfluentPlatformExample 2022-07-27T23:30:42Z logger.go:66:       + timeouts {
TestTerraformConfluentPlatformExample 2022-07-27T23:30:42Z logger.go:66:           + create = "1h"
TestTerraformConfluentPlatformExample 2022-07-27T23:30:42Z logger.go:66:           + delete = "5m"
TestTerraformConfluentPlatformExample 2022-07-27T23:30:42Z logger.go:66:           + update = "1h"
TestTerraformConfluentPlatformExample 2022-07-27T23:30:42Z logger.go:66:         }
TestTerraformConfluentPlatformExample 2022-07-27T23:30:42Z logger.go:66:
TestTerraformConfluentPlatformExample 2022-07-27T23:30:42Z logger.go:66:       + wait {
TestTerraformConfluentPlatformExample 2022-07-27T23:30:42Z logger.go:66:           + fields = {
TestTerraformConfluentPlatformExample 2022-07-27T23:30:42Z logger.go:66:               + "status.phase" = "RUNNING"
TestTerraformConfluentPlatformExample 2022-07-27T23:30:42Z logger.go:66:             }
TestTerraformConfluentPlatformExample 2022-07-27T23:30:42Z logger.go:66:         }
TestTerraformConfluentPlatformExample 2022-07-27T23:30:42Z logger.go:66:     }
TestTerraformConfluentPlatformExample 2022-07-27T23:30:42Z logger.go:66:
TestTerraformConfluentPlatformExample 2022-07-27T23:30:42Z logger.go:66:   # module.confluent_platform.kubernetes_manifest.controlcenter[0] will be created
TestTerraformConfluentPlatformExample 2022-07-27T23:30:42Z logger.go:66:   + resource "kubernetes_manifest" "controlcenter" {
TestTerraformConfluentPlatformExample 2022-07-27T23:30:42Z logger.go:66:       + computed_fields = [
TestTerraformConfluentPlatformExample 2022-07-27T23:30:42Z logger.go:66:           + "metadata.finalizers",
TestTerraformConfluentPlatformExample 2022-07-27T23:30:42Z logger.go:66:         ]
TestTerraformConfluentPlatformExample 2022-07-27T23:30:42Z logger.go:66:       + manifest        = {
TestTerraformConfluentPlatformExample 2022-07-27T23:30:42Z logger.go:66:           + apiVersion = "platform.confluent.io/v1beta1"
TestTerraformConfluentPlatformExample 2022-07-27T23:30:42Z logger.go:66:           + kind       = "ControlCenter"
TestTerraformConfluentPlatformExample 2022-07-27T23:30:42Z logger.go:66:           + metadata   = {
TestTerraformConfluentPlatformExample 2022-07-27T23:30:42Z logger.go:66:               + name      = "controlcenter"
TestTerraformConfluentPlatformExample 2022-07-27T23:30:42Z logger.go:66:               + namespace = "confluent"
TestTerraformConfluentPlatformExample 2022-07-27T23:30:42Z logger.go:66:             }
TestTerraformConfluentPlatformExample 2022-07-27T23:30:42Z logger.go:66:           + spec       = {
TestTerraformConfluentPlatformExample 2022-07-27T23:30:42Z logger.go:66:               + dataVolumeCapacity = "10Gi"
TestTerraformConfluentPlatformExample 2022-07-27T23:30:42Z logger.go:66:               + dependencies       = {
TestTerraformConfluentPlatformExample 2022-07-27T23:30:42Z logger.go:66:                   + connect        = [
TestTerraformConfluentPlatformExample 2022-07-27T23:30:42Z logger.go:66:                       + {
TestTerraformConfluentPlatformExample 2022-07-27T23:30:42Z logger.go:66:                           + name = "connect"
TestTerraformConfluentPlatformExample 2022-07-27T23:30:42Z logger.go:66:                           + url  = "http://connect.confluent.svc.cluster.local:8083"
TestTerraformConfluentPlatformExample 2022-07-27T23:30:42Z logger.go:66:                         },
TestTerraformConfluentPlatformExample 2022-07-27T23:30:42Z logger.go:66:                     ]
TestTerraformConfluentPlatformExample 2022-07-27T23:30:42Z logger.go:66:                   + ksqldb         = [
TestTerraformConfluentPlatformExample 2022-07-27T23:30:42Z logger.go:66:                       + {
TestTerraformConfluentPlatformExample 2022-07-27T23:30:42Z logger.go:66:                           + name = "ksqldb"
TestTerraformConfluentPlatformExample 2022-07-27T23:30:42Z logger.go:66:                           + url  = "http://ksqldb.confluent.svc.cluster.local:8088"
TestTerraformConfluentPlatformExample 2022-07-27T23:30:42Z logger.go:66:                         },
TestTerraformConfluentPlatformExample 2022-07-27T23:30:42Z logger.go:66:                     ]
TestTerraformConfluentPlatformExample 2022-07-27T23:30:42Z logger.go:66:                   + schemaRegistry = {
TestTerraformConfluentPlatformExample 2022-07-27T23:30:42Z logger.go:66:                       + url = "http://schemaregistry.confluent.svc.cluster.local:8081"
TestTerraformConfluentPlatformExample 2022-07-27T23:30:42Z logger.go:66:                     }
TestTerraformConfluentPlatformExample 2022-07-27T23:30:42Z logger.go:66:                 }
TestTerraformConfluentPlatformExample 2022-07-27T23:30:42Z logger.go:66:               + image              = {
TestTerraformConfluentPlatformExample 2022-07-27T23:30:42Z logger.go:66:                   + application = "confluentinc/cp-enterprise-control-center:7.2.0"
TestTerraformConfluentPlatformExample 2022-07-27T23:30:42Z logger.go:66:                   + init        = "confluentinc/confluent-init-container:2.4.0"
TestTerraformConfluentPlatformExample 2022-07-27T23:30:42Z logger.go:66:                 }
TestTerraformConfluentPlatformExample 2022-07-27T23:30:42Z logger.go:66:               + replicas           = 1
TestTerraformConfluentPlatformExample 2022-07-27T23:30:42Z logger.go:66:             }
TestTerraformConfluentPlatformExample 2022-07-27T23:30:42Z logger.go:66:         }
TestTerraformConfluentPlatformExample 2022-07-27T23:30:42Z logger.go:66:       + object          = {
TestTerraformConfluentPlatformExample 2022-07-27T23:30:42Z logger.go:66:           + apiVersion = "platform.confluent.io/v1beta1"
TestTerraformConfluentPlatformExample 2022-07-27T23:30:42Z logger.go:66:           + kind       = "ControlCenter"
TestTerraformConfluentPlatformExample 2022-07-27T23:30:42Z logger.go:66:           + metadata   = {
TestTerraformConfluentPlatformExample 2022-07-27T23:30:42Z logger.go:66:               + annotations                = (known after apply)
TestTerraformConfluentPlatformExample 2022-07-27T23:30:42Z logger.go:66:               + clusterName                = (known after apply)
TestTerraformConfluentPlatformExample 2022-07-27T23:30:42Z logger.go:66:               + creationTimestamp          = (known after apply)
TestTerraformConfluentPlatformExample 2022-07-27T23:30:42Z logger.go:66:               + deletionGracePeriodSeconds = (known after apply)
TestTerraformConfluentPlatformExample 2022-07-27T23:30:42Z logger.go:66:               + deletionTimestamp          = (known after apply)
TestTerraformConfluentPlatformExample 2022-07-27T23:30:42Z logger.go:66:               + finalizers                 = (known after apply)
TestTerraformConfluentPlatformExample 2022-07-27T23:30:42Z logger.go:66:               + generateName               = (known after apply)
TestTerraformConfluentPlatformExample 2022-07-27T23:30:42Z logger.go:66:               + generation                 = (known after apply)
TestTerraformConfluentPlatformExample 2022-07-27T23:30:42Z logger.go:66:               + labels                     = (known after apply)
TestTerraformConfluentPlatformExample 2022-07-27T23:30:42Z logger.go:66:               + managedFields              = (known after apply)
TestTerraformConfluentPlatformExample 2022-07-27T23:30:42Z logger.go:66:               + name                       = "controlcenter"
TestTerraformConfluentPlatformExample 2022-07-27T23:30:42Z logger.go:66:               + namespace                  = "confluent"
TestTerraformConfluentPlatformExample 2022-07-27T23:30:42Z logger.go:66:               + ownerReferences            = (known after apply)
TestTerraformConfluentPlatformExample 2022-07-27T23:30:42Z logger.go:66:               + resourceVersion            = (known after apply)
TestTerraformConfluentPlatformExample 2022-07-27T23:30:42Z logger.go:66:               + selfLink                   = (known after apply)
TestTerraformConfluentPlatformExample 2022-07-27T23:30:42Z logger.go:66:               + uid                        = (known after apply)
TestTerraformConfluentPlatformExample 2022-07-27T23:30:42Z logger.go:66:             }
TestTerraformConfluentPlatformExample 2022-07-27T23:30:42Z logger.go:66:           + spec       = {
TestTerraformConfluentPlatformExample 2022-07-27T23:30:42Z logger.go:66:               + authentication                = {
TestTerraformConfluentPlatformExample 2022-07-27T23:30:42Z logger.go:66:                   + basic = {
TestTerraformConfluentPlatformExample 2022-07-27T23:30:42Z logger.go:66:                       + debug                    = (known after apply)
TestTerraformConfluentPlatformExample 2022-07-27T23:30:42Z logger.go:66:                       + directoryPathInContainer = (known after apply)
TestTerraformConfluentPlatformExample 2022-07-27T23:30:42Z logger.go:66:                       + restrictedRoles          = (known after apply)
TestTerraformConfluentPlatformExample 2022-07-27T23:30:42Z logger.go:66:                       + roles                    = (known after apply)
TestTerraformConfluentPlatformExample 2022-07-27T23:30:42Z logger.go:66:                       + secretRef                = (known after apply)
TestTerraformConfluentPlatformExample 2022-07-27T23:30:42Z logger.go:66:                     }
TestTerraformConfluentPlatformExample 2022-07-27T23:30:42Z logger.go:66:                   + ldap  = {
TestTerraformConfluentPlatformExample 2022-07-27T23:30:42Z logger.go:66:                       + debug           = (known after apply)
TestTerraformConfluentPlatformExample 2022-07-27T23:30:42Z logger.go:66:                       + property        = (known after apply)
TestTerraformConfluentPlatformExample 2022-07-27T23:30:42Z logger.go:66:                       + restrictedRoles = (known after apply)
TestTerraformConfluentPlatformExample 2022-07-27T23:30:42Z logger.go:66:                       + roles           = (known after apply)
TestTerraformConfluentPlatformExample 2022-07-27T23:30:42Z logger.go:66:                       + secretRef       = (known after apply)
TestTerraformConfluentPlatformExample 2022-07-27T23:30:42Z logger.go:66:                     }
TestTerraformConfluentPlatformExample 2022-07-27T23:30:42Z logger.go:66:                   + type  = (known after apply)
TestTerraformConfluentPlatformExample 2022-07-27T23:30:42Z logger.go:66:                 }
TestTerraformConfluentPlatformExample 2022-07-27T23:30:42Z logger.go:66:               + authorization                 = {
TestTerraformConfluentPlatformExample 2022-07-27T23:30:42Z logger.go:66:                   + kafkaRestClassRef = {
TestTerraformConfluentPlatformExample 2022-07-27T23:30:42Z logger.go:66:                       + name      = (known after apply)
TestTerraformConfluentPlatformExample 2022-07-27T23:30:42Z logger.go:66:                       + namespace = (known after apply)
TestTerraformConfluentPlatformExample 2022-07-27T23:30:42Z logger.go:66:                     }
TestTerraformConfluentPlatformExample 2022-07-27T23:30:42Z logger.go:66:                   + type              = (known after apply)
TestTerraformConfluentPlatformExample 2022-07-27T23:30:42Z logger.go:66:                 }
TestTerraformConfluentPlatformExample 2022-07-27T23:30:42Z logger.go:66:               + configOverrides               = {
TestTerraformConfluentPlatformExample 2022-07-27T23:30:42Z logger.go:66:                   + jvm    = (known after apply)
TestTerraformConfluentPlatformExample 2022-07-27T23:30:42Z logger.go:66:                   + log4j  = (known after apply)
TestTerraformConfluentPlatformExample 2022-07-27T23:30:42Z logger.go:66:                   + server = (known after apply)
TestTerraformConfluentPlatformExample 2022-07-27T23:30:42Z logger.go:66:                 }
TestTerraformConfluentPlatformExample 2022-07-27T23:30:42Z logger.go:66:               + dataVolumeCapacity            = "10Gi"
TestTerraformConfluentPlatformExample 2022-07-27T23:30:42Z logger.go:66:               + dependencies                  = {
TestTerraformConfluentPlatformExample 2022-07-27T23:30:42Z logger.go:66:                   + connect        = [
TestTerraformConfluentPlatformExample 2022-07-27T23:30:42Z logger.go:66:                       + {
TestTerraformConfluentPlatformExample 2022-07-27T23:30:42Z logger.go:66:                           + authentication = {
TestTerraformConfluentPlatformExample 2022-07-27T23:30:42Z logger.go:66:                               + basic = {
TestTerraformConfluentPlatformExample 2022-07-27T23:30:42Z logger.go:66:                                   + debug                    = (known after apply)
TestTerraformConfluentPlatformExample 2022-07-27T23:30:42Z logger.go:66:                                   + directoryPathInContainer = (known after apply)
TestTerraformConfluentPlatformExample 2022-07-27T23:30:42Z logger.go:66:                                   + restrictedRoles          = (known after apply)
TestTerraformConfluentPlatformExample 2022-07-27T23:30:42Z logger.go:66:                                   + roles                    = (known after apply)
TestTerraformConfluentPlatformExample 2022-07-27T23:30:42Z logger.go:66:                                   + secretRef                = (known after apply)
TestTerraformConfluentPlatformExample 2022-07-27T23:30:42Z logger.go:66:                                 }
TestTerraformConfluentPlatformExample 2022-07-27T23:30:42Z logger.go:66:                               + type  = (known after apply)
TestTerraformConfluentPlatformExample 2022-07-27T23:30:42Z logger.go:66:                             }
TestTerraformConfluentPlatformExample 2022-07-27T23:30:42Z logger.go:66:                           + name           = "connect"
TestTerraformConfluentPlatformExample 2022-07-27T23:30:42Z logger.go:66:                           + tls            = {
TestTerraformConfluentPlatformExample 2022-07-27T23:30:42Z logger.go:66:                               + directoryPathInContainer = (known after apply)
TestTerraformConfluentPlatformExample 2022-07-27T23:30:42Z logger.go:66:                               + enabled                  = (known after apply)
TestTerraformConfluentPlatformExample 2022-07-27T23:30:42Z logger.go:66:                               + ignoreTrustStoreConfig   = (known after apply)
TestTerraformConfluentPlatformExample 2022-07-27T23:30:42Z logger.go:66:                               + jksPassword              = {
TestTerraformConfluentPlatformExample 2022-07-27T23:30:42Z logger.go:66:                                   + secretRef = (known after apply)
TestTerraformConfluentPlatformExample 2022-07-27T23:30:42Z logger.go:66:                                 }
TestTerraformConfluentPlatformExample 2022-07-27T23:30:42Z logger.go:66:                               + secretRef                = (known after apply)
TestTerraformConfluentPlatformExample 2022-07-27T23:30:42Z logger.go:66:                             }
TestTerraformConfluentPlatformExample 2022-07-27T23:30:42Z logger.go:66:                           + url            = "http://connect.confluent.svc.cluster.local:8083"
TestTerraformConfluentPlatformExample 2022-07-27T23:30:42Z logger.go:66:                         },
TestTerraformConfluentPlatformExample 2022-07-27T23:30:42Z logger.go:66:                     ]
TestTerraformConfluentPlatformExample 2022-07-27T23:30:42Z logger.go:66:                   + kafka          = {
TestTerraformConfluentPlatformExample 2022-07-27T23:30:42Z logger.go:66:                       + authentication    = {
TestTerraformConfluentPlatformExample 2022-07-27T23:30:42Z logger.go:66:                           + jaasConfig            = {
TestTerraformConfluentPlatformExample 2022-07-27T23:30:42Z logger.go:66:                               + secretRef = (known after apply)
TestTerraformConfluentPlatformExample 2022-07-27T23:30:42Z logger.go:66:                             }
TestTerraformConfluentPlatformExample 2022-07-27T23:30:42Z logger.go:66:                           + jaasConfigPassThrough = {
TestTerraformConfluentPlatformExample 2022-07-27T23:30:42Z logger.go:66:                               + directoryPathInContainer = (known after apply)
TestTerraformConfluentPlatformExample 2022-07-27T23:30:42Z logger.go:66:                               + secretRef                = (known after apply)
TestTerraformConfluentPlatformExample 2022-07-27T23:30:42Z logger.go:66:                             }
TestTerraformConfluentPlatformExample 2022-07-27T23:30:42Z logger.go:66:                           + oauthbearer           = {
TestTerraformConfluentPlatformExample 2022-07-27T23:30:42Z logger.go:66:                               + directoryPathInContainer = (known after apply)
TestTerraformConfluentPlatformExample 2022-07-27T23:30:42Z logger.go:66:                               + secretRef                = (known after apply)
TestTerraformConfluentPlatformExample 2022-07-27T23:30:42Z logger.go:66:                             }
TestTerraformConfluentPlatformExample 2022-07-27T23:30:42Z logger.go:66:                           + type                  = (known after apply)
TestTerraformConfluentPlatformExample 2022-07-27T23:30:42Z logger.go:66:                         }
TestTerraformConfluentPlatformExample 2022-07-27T23:30:42Z logger.go:66:                       + bootstrapEndpoint = (known after apply)
TestTerraformConfluentPlatformExample 2022-07-27T23:30:42Z logger.go:66:                       + discovery         = {
TestTerraformConfluentPlatformExample 2022-07-27T23:30:42Z logger.go:66:                           + name      = (known after apply)
TestTerraformConfluentPlatformExample 2022-07-27T23:30:42Z logger.go:66:                           + namespace = (known after apply)
TestTerraformConfluentPlatformExample 2022-07-27T23:30:42Z logger.go:66:                           + secretRef = (known after apply)
TestTerraformConfluentPlatformExample 2022-07-27T23:30:42Z logger.go:66:                         }
TestTerraformConfluentPlatformExample 2022-07-27T23:30:42Z logger.go:66:                       + tls               = {
TestTerraformConfluentPlatformExample 2022-07-27T23:30:42Z logger.go:66:                           + directoryPathInContainer = (known after apply)
TestTerraformConfluentPlatformExample 2022-07-27T23:30:42Z logger.go:66:                           + enabled                  = (known after apply)
TestTerraformConfluentPlatformExample 2022-07-27T23:30:42Z logger.go:66:                           + ignoreTrustStoreConfig   = (known after apply)
TestTerraformConfluentPlatformExample 2022-07-27T23:30:42Z logger.go:66:                           + jksPassword              = {
TestTerraformConfluentPlatformExample 2022-07-27T23:30:42Z logger.go:66:                               + secretRef = (known after apply)
TestTerraformConfluentPlatformExample 2022-07-27T23:30:42Z logger.go:66:                             }
TestTerraformConfluentPlatformExample 2022-07-27T23:30:42Z logger.go:66:                           + secretRef                = (known after apply)
TestTerraformConfluentPlatformExample 2022-07-27T23:30:42Z logger.go:66:                         }
TestTerraformConfluentPlatformExample 2022-07-27T23:30:42Z logger.go:66:                     }
TestTerraformConfluentPlatformExample 2022-07-27T23:30:42Z logger.go:66:                   + ksqldb         = [
TestTerraformConfluentPlatformExample 2022-07-27T23:30:42Z logger.go:66:                       + {
TestTerraformConfluentPlatformExample 2022-07-27T23:30:42Z logger.go:66:                           + advertisedUrl  = (known after apply)
TestTerraformConfluentPlatformExample 2022-07-27T23:30:42Z logger.go:66:                           + authentication = {
TestTerraformConfluentPlatformExample 2022-07-27T23:30:42Z logger.go:66:                               + basic = {
TestTerraformConfluentPlatformExample 2022-07-27T23:30:42Z logger.go:66:                                   + debug                    = (known after apply)
TestTerraformConfluentPlatformExample 2022-07-27T23:30:42Z logger.go:66:                                   + directoryPathInContainer = (known after apply)
TestTerraformConfluentPlatformExample 2022-07-27T23:30:42Z logger.go:66:                                   + restrictedRoles          = (known after apply)
TestTerraformConfluentPlatformExample 2022-07-27T23:30:42Z logger.go:66:                                   + roles                    = (known after apply)
TestTerraformConfluentPlatformExample 2022-07-27T23:30:42Z logger.go:66:                                   + secretRef                = (known after apply)
TestTerraformConfluentPlatformExample 2022-07-27T23:30:42Z logger.go:66:                                 }
TestTerraformConfluentPlatformExample 2022-07-27T23:30:42Z logger.go:66:                               + type  = (known after apply)
TestTerraformConfluentPlatformExample 2022-07-27T23:30:42Z logger.go:66:                             }
TestTerraformConfluentPlatformExample 2022-07-27T23:30:42Z logger.go:66:                           + name           = "ksqldb"
TestTerraformConfluentPlatformExample 2022-07-27T23:30:42Z logger.go:66:                           + tls            = {
TestTerraformConfluentPlatformExample 2022-07-27T23:30:42Z logger.go:66:                               + directoryPathInContainer = (known after apply)
TestTerraformConfluentPlatformExample 2022-07-27T23:30:42Z logger.go:66:                               + enabled                  = (known after apply)
TestTerraformConfluentPlatformExample 2022-07-27T23:30:42Z logger.go:66:                               + ignoreTrustStoreConfig   = (known after apply)
TestTerraformConfluentPlatformExample 2022-07-27T23:30:42Z logger.go:66:                               + jksPassword              = {
TestTerraformConfluentPlatformExample 2022-07-27T23:30:42Z logger.go:66:                                   + secretRef = (known after apply)
TestTerraformConfluentPlatformExample 2022-07-27T23:30:42Z logger.go:66:                                 }
TestTerraformConfluentPlatformExample 2022-07-27T23:30:42Z logger.go:66:                               + secretRef                = (known after apply)
TestTerraformConfluentPlatformExample 2022-07-27T23:30:42Z logger.go:66:                             }
TestTerraformConfluentPlatformExample 2022-07-27T23:30:42Z logger.go:66:                           + url            = "http://ksqldb.confluent.svc.cluster.local:8088"
TestTerraformConfluentPlatformExample 2022-07-27T23:30:42Z logger.go:66:                         },
TestTerraformConfluentPlatformExample 2022-07-27T23:30:42Z logger.go:66:                     ]
TestTerraformConfluentPlatformExample 2022-07-27T23:30:42Z logger.go:66:                   + mds            = {
TestTerraformConfluentPlatformExample 2022-07-27T23:30:42Z logger.go:66:                       + authentication = {
TestTerraformConfluentPlatformExample 2022-07-27T23:30:42Z logger.go:66:                           + bearer = {
TestTerraformConfluentPlatformExample 2022-07-27T23:30:42Z logger.go:66:                               + directoryPathInContainer = (known after apply)
TestTerraformConfluentPlatformExample 2022-07-27T23:30:42Z logger.go:66:                               + secretRef                = (known after apply)
TestTerraformConfluentPlatformExample 2022-07-27T23:30:42Z logger.go:66:                             }
TestTerraformConfluentPlatformExample 2022-07-27T23:30:42Z logger.go:66:                           + type   = (known after apply)
TestTerraformConfluentPlatformExample 2022-07-27T23:30:42Z logger.go:66:                         }
TestTerraformConfluentPlatformExample 2022-07-27T23:30:42Z logger.go:66:                       + endpoint       = (known after apply)
TestTerraformConfluentPlatformExample 2022-07-27T23:30:42Z logger.go:66:                       + tls            = {
TestTerraformConfluentPlatformExample 2022-07-27T23:30:42Z logger.go:66:                           + directoryPathInContainer = (known after apply)
TestTerraformConfluentPlatformExample 2022-07-27T23:30:42Z logger.go:66:                           + enabled                  = (known after apply)
TestTerraformConfluentPlatformExample 2022-07-27T23:30:42Z logger.go:66:                           + ignoreTrustStoreConfig   = (known after apply)
TestTerraformConfluentPlatformExample 2022-07-27T23:30:42Z logger.go:66:                           + jksPassword              = {
TestTerraformConfluentPlatformExample 2022-07-27T23:30:42Z logger.go:66:                               + secretRef = (known after apply)
TestTerraformConfluentPlatformExample 2022-07-27T23:30:42Z logger.go:66:                             }
TestTerraformConfluentPlatformExample 2022-07-27T23:30:42Z logger.go:66:                           + secretRef                = (known after apply)
TestTerraformConfluentPlatformExample 2022-07-27T23:30:42Z logger.go:66:                         }
TestTerraformConfluentPlatformExample 2022-07-27T23:30:42Z logger.go:66:                       + tokenKeyPair   = {
TestTerraformConfluentPlatformExample 2022-07-27T23:30:42Z logger.go:66:                           + directoryPathInContainer = (known after apply)
TestTerraformConfluentPlatformExample 2022-07-27T23:30:42Z logger.go:66:                           + secretRef                = (known after apply)
TestTerraformConfluentPlatformExample 2022-07-27T23:30:42Z logger.go:66:                         }
TestTerraformConfluentPlatformExample 2022-07-27T23:30:42Z logger.go:66:                     }
TestTerraformConfluentPlatformExample 2022-07-27T23:30:42Z logger.go:66:                   + schemaRegistry = {
TestTerraformConfluentPlatformExample 2022-07-27T23:30:42Z logger.go:66:                       + authentication = {
TestTerraformConfluentPlatformExample 2022-07-27T23:30:42Z logger.go:66:                           + basic = {
TestTerraformConfluentPlatformExample 2022-07-27T23:30:42Z logger.go:66:                               + debug                    = (known after apply)
TestTerraformConfluentPlatformExample 2022-07-27T23:30:42Z logger.go:66:                               + directoryPathInContainer = (known after apply)
TestTerraformConfluentPlatformExample 2022-07-27T23:30:42Z logger.go:66:                               + restrictedRoles          = (known after apply)
TestTerraformConfluentPlatformExample 2022-07-27T23:30:42Z logger.go:66:                               + roles                    = (known after apply)
TestTerraformConfluentPlatformExample 2022-07-27T23:30:42Z logger.go:66:                               + secretRef                = (known after apply)
TestTerraformConfluentPlatformExample 2022-07-27T23:30:42Z logger.go:66:                             }
TestTerraformConfluentPlatformExample 2022-07-27T23:30:42Z logger.go:66:                           + type  = (known after apply)
TestTerraformConfluentPlatformExample 2022-07-27T23:30:42Z logger.go:66:                         }
TestTerraformConfluentPlatformExample 2022-07-27T23:30:42Z logger.go:66:                       + clusters       = (known after apply)
TestTerraformConfluentPlatformExample 2022-07-27T23:30:42Z logger.go:66:                       + tls            = {
TestTerraformConfluentPlatformExample 2022-07-27T23:30:42Z logger.go:66:                           + directoryPathInContainer = (known after apply)
TestTerraformConfluentPlatformExample 2022-07-27T23:30:42Z logger.go:66:                           + enabled                  = (known after apply)
TestTerraformConfluentPlatformExample 2022-07-27T23:30:42Z logger.go:66:                           + ignoreTrustStoreConfig   = (known after apply)
TestTerraformConfluentPlatformExample 2022-07-27T23:30:42Z logger.go:66:                           + jksPassword              = {
TestTerraformConfluentPlatformExample 2022-07-27T23:30:42Z logger.go:66:                               + secretRef = (known after apply)
TestTerraformConfluentPlatformExample 2022-07-27T23:30:42Z logger.go:66:                             }
TestTerraformConfluentPlatformExample 2022-07-27T23:30:42Z logger.go:66:                           + secretRef                = (known after apply)
TestTerraformConfluentPlatformExample 2022-07-27T23:30:42Z logger.go:66:                         }
TestTerraformConfluentPlatformExample 2022-07-27T23:30:42Z logger.go:66:                       + url            = "http://schemaregistry.confluent.svc.cluster.local:8081"
TestTerraformConfluentPlatformExample 2022-07-27T23:30:42Z logger.go:66:                     }
TestTerraformConfluentPlatformExample 2022-07-27T23:30:42Z logger.go:66:                 }
TestTerraformConfluentPlatformExample 2022-07-27T23:30:42Z logger.go:66:               + externalAccess                = {
TestTerraformConfluentPlatformExample 2022-07-27T23:30:42Z logger.go:66:                   + loadBalancer = {
TestTerraformConfluentPlatformExample 2022-07-27T23:30:42Z logger.go:66:                       + advertisedURL            = {
TestTerraformConfluentPlatformExample 2022-07-27T23:30:42Z logger.go:66:                           + enabled = (known after apply)
TestTerraformConfluentPlatformExample 2022-07-27T23:30:42Z logger.go:66:                           + prefix  = (known after apply)
TestTerraformConfluentPlatformExample 2022-07-27T23:30:42Z logger.go:66:                         }
TestTerraformConfluentPlatformExample 2022-07-27T23:30:42Z logger.go:66:                       + annotations              = (known after apply)
TestTerraformConfluentPlatformExample 2022-07-27T23:30:42Z logger.go:66:                       + domain                   = (known after apply)
TestTerraformConfluentPlatformExample 2022-07-27T23:30:42Z logger.go:66:                       + externalTrafficPolicy    = (known after apply)
TestTerraformConfluentPlatformExample 2022-07-27T23:30:42Z logger.go:66:                       + labels                   = (known after apply)
TestTerraformConfluentPlatformExample 2022-07-27T23:30:42Z logger.go:66:                       + loadBalancerSourceRanges = (known after apply)
TestTerraformConfluentPlatformExample 2022-07-27T23:30:42Z logger.go:66:                       + port                     = (known after apply)
TestTerraformConfluentPlatformExample 2022-07-27T23:30:42Z logger.go:66:                       + prefix                   = (known after apply)
TestTerraformConfluentPlatformExample 2022-07-27T23:30:42Z logger.go:66:                       + servicePorts             = (known after apply)
TestTerraformConfluentPlatformExample 2022-07-27T23:30:42Z logger.go:66:                       + sessionAffinity          = (known after apply)
TestTerraformConfluentPlatformExample 2022-07-27T23:30:42Z logger.go:66:                       + sessionAffinityConfig    = {
TestTerraformConfluentPlatformExample 2022-07-27T23:30:42Z logger.go:66:                           + clientIP = {
TestTerraformConfluentPlatformExample 2022-07-27T23:30:42Z logger.go:66:                               + timeoutSeconds = (known after apply)
TestTerraformConfluentPlatformExample 2022-07-27T23:30:42Z logger.go:66:                             }
TestTerraformConfluentPlatformExample 2022-07-27T23:30:42Z logger.go:66:                         }
TestTerraformConfluentPlatformExample 2022-07-27T23:30:42Z logger.go:66:                     }
TestTerraformConfluentPlatformExample 2022-07-27T23:30:42Z logger.go:66:                   + nodePort     = {
TestTerraformConfluentPlatformExample 2022-07-27T23:30:42Z logger.go:66:                       + advertisedURL         = {
TestTerraformConfluentPlatformExample 2022-07-27T23:30:42Z logger.go:66:                           + enabled = (known after apply)
TestTerraformConfluentPlatformExample 2022-07-27T23:30:42Z logger.go:66:                           + prefix  = (known after apply)
TestTerraformConfluentPlatformExample 2022-07-27T23:30:42Z logger.go:66:                         }
TestTerraformConfluentPlatformExample 2022-07-27T23:30:42Z logger.go:66:                       + annotations           = (known after apply)
TestTerraformConfluentPlatformExample 2022-07-27T23:30:42Z logger.go:66:                       + externalTrafficPolicy = (known after apply)
TestTerraformConfluentPlatformExample 2022-07-27T23:30:42Z logger.go:66:                       + host                  = (known after apply)
TestTerraformConfluentPlatformExample 2022-07-27T23:30:42Z logger.go:66:                       + labels                = (known after apply)
TestTerraformConfluentPlatformExample 2022-07-27T23:30:42Z logger.go:66:                       + nodePortOffset        = (known after apply)
TestTerraformConfluentPlatformExample 2022-07-27T23:30:42Z logger.go:66:                       + servicePorts          = (known after apply)
TestTerraformConfluentPlatformExample 2022-07-27T23:30:42Z logger.go:66:                       + sessionAffinity       = (known after apply)
TestTerraformConfluentPlatformExample 2022-07-27T23:30:42Z logger.go:66:                       + sessionAffinityConfig = {
TestTerraformConfluentPlatformExample 2022-07-27T23:30:42Z logger.go:66:                           + clientIP = {
TestTerraformConfluentPlatformExample 2022-07-27T23:30:42Z logger.go:66:                               + timeoutSeconds = (known after apply)
TestTerraformConfluentPlatformExample 2022-07-27T23:30:42Z logger.go:66:                             }
TestTerraformConfluentPlatformExample 2022-07-27T23:30:42Z logger.go:66:                         }
TestTerraformConfluentPlatformExample 2022-07-27T23:30:42Z logger.go:66:                     }
TestTerraformConfluentPlatformExample 2022-07-27T23:30:42Z logger.go:66:                   + route        = {
TestTerraformConfluentPlatformExample 2022-07-27T23:30:42Z logger.go:66:                       + annotations    = (known after apply)
TestTerraformConfluentPlatformExample 2022-07-27T23:30:42Z logger.go:66:                       + domain         = (known after apply)
TestTerraformConfluentPlatformExample 2022-07-27T23:30:42Z logger.go:66:                       + labels         = (known after apply)
TestTerraformConfluentPlatformExample 2022-07-27T23:30:42Z logger.go:66:                       + prefix         = (known after apply)
TestTerraformConfluentPlatformExample 2022-07-27T23:30:42Z logger.go:66:                       + wildcardPolicy = (known after apply)
TestTerraformConfluentPlatformExample 2022-07-27T23:30:42Z logger.go:66:                     }
TestTerraformConfluentPlatformExample 2022-07-27T23:30:42Z logger.go:66:                   + type         = (known after apply)
TestTerraformConfluentPlatformExample 2022-07-27T23:30:42Z logger.go:66:                 }
TestTerraformConfluentPlatformExample 2022-07-27T23:30:42Z logger.go:66:               + headlessService               = {
TestTerraformConfluentPlatformExample 2022-07-27T23:30:42Z logger.go:66:                   + annotations              = (known after apply)
TestTerraformConfluentPlatformExample 2022-07-27T23:30:42Z logger.go:66:                   + labels                   = (known after apply)
TestTerraformConfluentPlatformExample 2022-07-27T23:30:42Z logger.go:66:                   + publishNotReadyAddresses = (known after apply)
TestTerraformConfluentPlatformExample 2022-07-27T23:30:42Z logger.go:66:                 }
TestTerraformConfluentPlatformExample 2022-07-27T23:30:42Z logger.go:66:               + id                            = (known after apply)
TestTerraformConfluentPlatformExample 2022-07-27T23:30:42Z logger.go:66:               + image                         = {
TestTerraformConfluentPlatformExample 2022-07-27T23:30:42Z logger.go:66:                   + application   = "confluentinc/cp-enterprise-control-center:7.2.0"
TestTerraformConfluentPlatformExample 2022-07-27T23:30:42Z logger.go:66:                   + init          = "confluentinc/confluent-init-container:2.4.0"
TestTerraformConfluentPlatformExample 2022-07-27T23:30:42Z logger.go:66:                   + pullPolicy    = (known after apply)
TestTerraformConfluentPlatformExample 2022-07-27T23:30:42Z logger.go:66:                   + pullSecretRef = (known after apply)
TestTerraformConfluentPlatformExample 2022-07-27T23:30:42Z logger.go:66:                 }
TestTerraformConfluentPlatformExample 2022-07-27T23:30:42Z logger.go:66:               + injectAnnotations             = (known after apply)
TestTerraformConfluentPlatformExample 2022-07-27T23:30:42Z logger.go:66:               + injectLabels                  = (known after apply)
TestTerraformConfluentPlatformExample 2022-07-27T23:30:42Z logger.go:66:               + internalTopicReplicatorFactor = (known after apply)
TestTerraformConfluentPlatformExample 2022-07-27T23:30:42Z logger.go:66:               + k8sClusterDomain              = (known after apply)
TestTerraformConfluentPlatformExample 2022-07-27T23:30:42Z logger.go:66:               + license                       = {
TestTerraformConfluentPlatformExample 2022-07-27T23:30:42Z logger.go:66:                   + directoryPathInContainer = (known after apply)
TestTerraformConfluentPlatformExample 2022-07-27T23:30:42Z logger.go:66:                   + globalLicense            = (known after apply)
TestTerraformConfluentPlatformExample 2022-07-27T23:30:42Z logger.go:66:                   + secretRef                = (known after apply)
TestTerraformConfluentPlatformExample 2022-07-27T23:30:42Z logger.go:66:                 }
TestTerraformConfluentPlatformExample 2022-07-27T23:30:42Z logger.go:66:               + mail                          = {
TestTerraformConfluentPlatformExample 2022-07-27T23:30:42Z logger.go:66:                   + authentication      = {
TestTerraformConfluentPlatformExample 2022-07-27T23:30:42Z logger.go:66:                       + basic = {
TestTerraformConfluentPlatformExample 2022-07-27T23:30:42Z logger.go:66:                           + debug                    = (known after apply)
TestTerraformConfluentPlatformExample 2022-07-27T23:30:42Z logger.go:66:                           + directoryPathInContainer = (known after apply)
TestTerraformConfluentPlatformExample 2022-07-27T23:30:42Z logger.go:66:                           + restrictedRoles          = (known after apply)
TestTerraformConfluentPlatformExample 2022-07-27T23:30:42Z logger.go:66:                           + roles                    = (known after apply)
TestTerraformConfluentPlatformExample 2022-07-27T23:30:42Z logger.go:66:                           + secretRef                = (known after apply)
TestTerraformConfluentPlatformExample 2022-07-27T23:30:42Z logger.go:66:                         }
TestTerraformConfluentPlatformExample 2022-07-27T23:30:42Z logger.go:66:                       + type  = (known after apply)
TestTerraformConfluentPlatformExample 2022-07-27T23:30:42Z logger.go:66:                     }
TestTerraformConfluentPlatformExample 2022-07-27T23:30:42Z logger.go:66:                   + checkServerIdentity = (known after apply)
TestTerraformConfluentPlatformExample 2022-07-27T23:30:42Z logger.go:66:                   + hostname            = (known after apply)
TestTerraformConfluentPlatformExample 2022-07-27T23:30:42Z logger.go:66:                   + mailBounceAddress   = (known after apply)
TestTerraformConfluentPlatformExample 2022-07-27T23:30:42Z logger.go:66:                   + mailFrom            = (known after apply)
TestTerraformConfluentPlatformExample 2022-07-27T23:30:42Z logger.go:66:                   + port                = (known after apply)
TestTerraformConfluentPlatformExample 2022-07-27T23:30:42Z logger.go:66:                   + startTLSRequired    = (known after apply)
TestTerraformConfluentPlatformExample 2022-07-27T23:30:42Z logger.go:66:                 }
TestTerraformConfluentPlatformExample 2022-07-27T23:30:42Z logger.go:66:               + metrics                       = {
TestTerraformConfluentPlatformExample 2022-07-27T23:30:42Z logger.go:66:                   + authentication = {
TestTerraformConfluentPlatformExample 2022-07-27T23:30:42Z logger.go:66:                       + type = (known after apply)
TestTerraformConfluentPlatformExample 2022-07-27T23:30:42Z logger.go:66:                     }
TestTerraformConfluentPlatformExample 2022-07-27T23:30:42Z logger.go:66:                   + prometheus     = {
TestTerraformConfluentPlatformExample 2022-07-27T23:30:42Z logger.go:66:                       + blacklist = (known after apply)
TestTerraformConfluentPlatformExample 2022-07-27T23:30:42Z logger.go:66:                       + rules     = (known after apply)
TestTerraformConfluentPlatformExample 2022-07-27T23:30:42Z logger.go:66:                       + whitelist = (known after apply)
TestTerraformConfluentPlatformExample 2022-07-27T23:30:42Z logger.go:66:                     }
TestTerraformConfluentPlatformExample 2022-07-27T23:30:42Z logger.go:66:                   + tls            = {
TestTerraformConfluentPlatformExample 2022-07-27T23:30:42Z logger.go:66:                       + directoryPathInContainer = (known after apply)
TestTerraformConfluentPlatformExample 2022-07-27T23:30:42Z logger.go:66:                       + enabled                  = (known after apply)
TestTerraformConfluentPlatformExample 2022-07-27T23:30:42Z logger.go:66:                       + ignoreTrustStoreConfig   = (known after apply)
TestTerraformConfluentPlatformExample 2022-07-27T23:30:42Z logger.go:66:                       + jksPassword              = {
TestTerraformConfluentPlatformExample 2022-07-27T23:30:42Z logger.go:66:                           + secretRef = (known after apply)
TestTerraformConfluentPlatformExample 2022-07-27T23:30:42Z logger.go:66:                         }
TestTerraformConfluentPlatformExample 2022-07-27T23:30:42Z logger.go:66:                       + secretRef                = (known after apply)
TestTerraformConfluentPlatformExample 2022-07-27T23:30:42Z logger.go:66:                     }
TestTerraformConfluentPlatformExample 2022-07-27T23:30:42Z logger.go:66:                 }
TestTerraformConfluentPlatformExample 2022-07-27T23:30:42Z logger.go:66:               + monitoringKafkaClusters       = (known after apply)
TestTerraformConfluentPlatformExample 2022-07-27T23:30:42Z logger.go:66:               + mountedSecrets                = (known after apply)
TestTerraformConfluentPlatformExample 2022-07-27T23:30:42Z logger.go:66:               + mountedVolumes                = {
TestTerraformConfluentPlatformExample 2022-07-27T23:30:42Z logger.go:66:                   + volumeMounts = (known after apply)
TestTerraformConfluentPlatformExample 2022-07-27T23:30:42Z logger.go:66:                   + volumes      = (known after apply)
TestTerraformConfluentPlatformExample 2022-07-27T23:30:42Z logger.go:66:                 }
TestTerraformConfluentPlatformExample 2022-07-27T23:30:42Z logger.go:66:               + name                          = (known after apply)
TestTerraformConfluentPlatformExample 2022-07-27T23:30:42Z logger.go:66:               + oneReplicaPerNode             = (known after apply)
TestTerraformConfluentPlatformExample 2022-07-27T23:30:42Z logger.go:66:               + podTemplate                   = {
TestTerraformConfluentPlatformExample 2022-07-27T23:30:42Z logger.go:66:                   + affinity                      = {
TestTerraformConfluentPlatformExample 2022-07-27T23:30:42Z logger.go:66:                       + nodeAffinity    = {
TestTerraformConfluentPlatformExample 2022-07-27T23:30:42Z logger.go:66:                           + preferredDuringSchedulingIgnoredDuringExecution = (known after apply)
TestTerraformConfluentPlatformExample 2022-07-27T23:30:42Z logger.go:66:                           + requiredDuringSchedulingIgnoredDuringExecution  = {
TestTerraformConfluentPlatformExample 2022-07-27T23:30:42Z logger.go:66:                               + nodeSelectorTerms = (known after apply)
TestTerraformConfluentPlatformExample 2022-07-27T23:30:42Z logger.go:66:                             }
TestTerraformConfluentPlatformExample 2022-07-27T23:30:42Z logger.go:66:                         }
TestTerraformConfluentPlatformExample 2022-07-27T23:30:42Z logger.go:66:                       + podAffinity     = {
TestTerraformConfluentPlatformExample 2022-07-27T23:30:42Z logger.go:66:                           + preferredDuringSchedulingIgnoredDuringExecution = (known after apply)
TestTerraformConfluentPlatformExample 2022-07-27T23:30:42Z logger.go:66:                           + requiredDuringSchedulingIgnoredDuringExecution  = (known after apply)
TestTerraformConfluentPlatformExample 2022-07-27T23:30:42Z logger.go:66:                         }
TestTerraformConfluentPlatformExample 2022-07-27T23:30:42Z logger.go:66:                       + podAntiAffinity = {
TestTerraformConfluentPlatformExample 2022-07-27T23:30:42Z logger.go:66:                           + preferredDuringSchedulingIgnoredDuringExecution = (known after apply)
TestTerraformConfluentPlatformExample 2022-07-27T23:30:42Z logger.go:66:                           + requiredDuringSchedulingIgnoredDuringExecution  = (known after apply)
TestTerraformConfluentPlatformExample 2022-07-27T23:30:42Z logger.go:66:                         }
TestTerraformConfluentPlatformExample 2022-07-27T23:30:42Z logger.go:66:                     }
TestTerraformConfluentPlatformExample 2022-07-27T23:30:42Z logger.go:66:                   + annotations                   = (known after apply)
TestTerraformConfluentPlatformExample 2022-07-27T23:30:42Z logger.go:66:                   + envVars                       = (known after apply)
TestTerraformConfluentPlatformExample 2022-07-27T23:30:42Z logger.go:66:                   + labels                        = (known after apply)
TestTerraformConfluentPlatformExample 2022-07-27T23:30:42Z logger.go:66:                   + podSecurityContext            = {
TestTerraformConfluentPlatformExample 2022-07-27T23:30:42Z logger.go:66:                       + fsGroup             = (known after apply)
TestTerraformConfluentPlatformExample 2022-07-27T23:30:42Z logger.go:66:                       + fsGroupChangePolicy = (known after apply)
TestTerraformConfluentPlatformExample 2022-07-27T23:30:42Z logger.go:66:                       + runAsGroup          = (known after apply)
TestTerraformConfluentPlatformExample 2022-07-27T23:30:42Z logger.go:66:                       + runAsNonRoot        = (known after apply)
TestTerraformConfluentPlatformExample 2022-07-27T23:30:42Z logger.go:66:                       + runAsUser           = (known after apply)
TestTerraformConfluentPlatformExample 2022-07-27T23:30:42Z logger.go:66:                       + seLinuxOptions      = {
TestTerraformConfluentPlatformExample 2022-07-27T23:30:42Z logger.go:66:                           + level = (known after apply)
TestTerraformConfluentPlatformExample 2022-07-27T23:30:42Z logger.go:66:                           + role  = (known after apply)
TestTerraformConfluentPlatformExample 2022-07-27T23:30:42Z logger.go:66:                           + type  = (known after apply)
TestTerraformConfluentPlatformExample 2022-07-27T23:30:42Z logger.go:66:                           + user  = (known after apply)
TestTerraformConfluentPlatformExample 2022-07-27T23:30:42Z logger.go:66:                         }
TestTerraformConfluentPlatformExample 2022-07-27T23:30:42Z logger.go:66:                       + seccompProfile      = {
TestTerraformConfluentPlatformExample 2022-07-27T23:30:42Z logger.go:66:                           + localhostProfile = (known after apply)
TestTerraformConfluentPlatformExample 2022-07-27T23:30:42Z logger.go:66:                           + type             = (known after apply)
TestTerraformConfluentPlatformExample 2022-07-27T23:30:42Z logger.go:66:                         }
TestTerraformConfluentPlatformExample 2022-07-27T23:30:42Z logger.go:66:                       + supplementalGroups  = (known after apply)
TestTerraformConfluentPlatformExample 2022-07-27T23:30:42Z logger.go:66:                       + sysctls             = (known after apply)
TestTerraformConfluentPlatformExample 2022-07-27T23:30:42Z logger.go:66:                       + windowsOptions      = {
TestTerraformConfluentPlatformExample 2022-07-27T23:30:42Z logger.go:66:                           + gmsaCredentialSpec     = (known after apply)
TestTerraformConfluentPlatformExample 2022-07-27T23:30:42Z logger.go:66:                           + gmsaCredentialSpecName = (known after apply)
TestTerraformConfluentPlatformExample 2022-07-27T23:30:42Z logger.go:66:                           + hostProcess            = (known after apply)
TestTerraformConfluentPlatformExample 2022-07-27T23:30:42Z logger.go:66:                           + runAsUserName          = (known after apply)
TestTerraformConfluentPlatformExample 2022-07-27T23:30:42Z logger.go:66:                         }
TestTerraformConfluentPlatformExample 2022-07-27T23:30:42Z logger.go:66:                     }
TestTerraformConfluentPlatformExample 2022-07-27T23:30:42Z logger.go:66:                   + priorityClassName             = (known after apply)
TestTerraformConfluentPlatformExample 2022-07-27T23:30:42Z logger.go:66:                   + probe                         = {
TestTerraformConfluentPlatformExample 2022-07-27T23:30:42Z logger.go:66:                       + liveness  = {
TestTerraformConfluentPlatformExample 2022-07-27T23:30:42Z logger.go:66:                           + failureThreshold    = (known after apply)
TestTerraformConfluentPlatformExample 2022-07-27T23:30:42Z logger.go:66:                           + initialDelaySeconds = (known after apply)
TestTerraformConfluentPlatformExample 2022-07-27T23:30:42Z logger.go:66:                           + periodSeconds       = (known after apply)
TestTerraformConfluentPlatformExample 2022-07-27T23:30:42Z logger.go:66:                           + successThreshold    = (known after apply)
TestTerraformConfluentPlatformExample 2022-07-27T23:30:42Z logger.go:66:                           + timeoutSeconds      = (known after apply)
TestTerraformConfluentPlatformExample 2022-07-27T23:30:42Z logger.go:66:                         }
TestTerraformConfluentPlatformExample 2022-07-27T23:30:42Z logger.go:66:                       + readiness = {
TestTerraformConfluentPlatformExample 2022-07-27T23:30:42Z logger.go:66:                           + failureThreshold    = (known after apply)
TestTerraformConfluentPlatformExample 2022-07-27T23:30:42Z logger.go:66:                           + initialDelaySeconds = (known after apply)
TestTerraformConfluentPlatformExample 2022-07-27T23:30:42Z logger.go:66:                           + periodSeconds       = (known after apply)
TestTerraformConfluentPlatformExample 2022-07-27T23:30:42Z logger.go:66:                           + successThreshold    = (known after apply)
TestTerraformConfluentPlatformExample 2022-07-27T23:30:42Z logger.go:66:                           + timeoutSeconds      = (known after apply)
TestTerraformConfluentPlatformExample 2022-07-27T23:30:42Z logger.go:66:                         }
TestTerraformConfluentPlatformExample 2022-07-27T23:30:42Z logger.go:66:                     }
TestTerraformConfluentPlatformExample 2022-07-27T23:30:42Z logger.go:66:                   + resources                     = {
TestTerraformConfluentPlatformExample 2022-07-27T23:30:42Z logger.go:66:                       + limits   = (known after apply)
TestTerraformConfluentPlatformExample 2022-07-27T23:30:42Z logger.go:66:                       + requests = (known after apply)
TestTerraformConfluentPlatformExample 2022-07-27T23:30:42Z logger.go:66:                     }
TestTerraformConfluentPlatformExample 2022-07-27T23:30:42Z logger.go:66:                   + securityContext               = {
TestTerraformConfluentPlatformExample 2022-07-27T23:30:42Z logger.go:66:                       + allowPrivilegeEscalation = (known after apply)
TestTerraformConfluentPlatformExample 2022-07-27T23:30:42Z logger.go:66:                       + capabilities             = {
TestTerraformConfluentPlatformExample 2022-07-27T23:30:42Z logger.go:66:                           + add  = (known after apply)
TestTerraformConfluentPlatformExample 2022-07-27T23:30:42Z logger.go:66:                           + drop = (known after apply)
TestTerraformConfluentPlatformExample 2022-07-27T23:30:42Z logger.go:66:                         }
TestTerraformConfluentPlatformExample 2022-07-27T23:30:42Z logger.go:66:                       + privileged               = (known after apply)
TestTerraformConfluentPlatformExample 2022-07-27T23:30:42Z logger.go:66:                       + procMount                = (known after apply)
TestTerraformConfluentPlatformExample 2022-07-27T23:30:42Z logger.go:66:                       + readOnlyRootFilesystem   = (known after apply)
TestTerraformConfluentPlatformExample 2022-07-27T23:30:42Z logger.go:66:                       + runAsGroup               = (known after apply)
TestTerraformConfluentPlatformExample 2022-07-27T23:30:42Z logger.go:66:                       + runAsNonRoot             = (known after apply)
TestTerraformConfluentPlatformExample 2022-07-27T23:30:42Z logger.go:66:                       + runAsUser                = (known after apply)
TestTerraformConfluentPlatformExample 2022-07-27T23:30:42Z logger.go:66:                       + seLinuxOptions           = {
TestTerraformConfluentPlatformExample 2022-07-27T23:30:42Z logger.go:66:                           + level = (known after apply)
TestTerraformConfluentPlatformExample 2022-07-27T23:30:42Z logger.go:66:                           + role  = (known after apply)
TestTerraformConfluentPlatformExample 2022-07-27T23:30:42Z logger.go:66:                           + type  = (known after apply)
TestTerraformConfluentPlatformExample 2022-07-27T23:30:42Z logger.go:66:                           + user  = (known after apply)
TestTerraformConfluentPlatformExample 2022-07-27T23:30:42Z logger.go:66:                         }
TestTerraformConfluentPlatformExample 2022-07-27T23:30:42Z logger.go:66:                       + seccompProfile           = {
TestTerraformConfluentPlatformExample 2022-07-27T23:30:42Z logger.go:66:                           + localhostProfile = (known after apply)
TestTerraformConfluentPlatformExample 2022-07-27T23:30:42Z logger.go:66:                           + type             = (known after apply)
TestTerraformConfluentPlatformExample 2022-07-27T23:30:42Z logger.go:66:                         }
TestTerraformConfluentPlatformExample 2022-07-27T23:30:42Z logger.go:66:                       + windowsOptions           = {
TestTerraformConfluentPlatformExample 2022-07-27T23:30:42Z logger.go:66:                           + gmsaCredentialSpec     = (known after apply)
TestTerraformConfluentPlatformExample 2022-07-27T23:30:42Z logger.go:66:                           + gmsaCredentialSpecName = (known after apply)
TestTerraformConfluentPlatformExample 2022-07-27T23:30:42Z logger.go:66:                           + hostProcess            = (known after apply)
TestTerraformConfluentPlatformExample 2022-07-27T23:30:42Z logger.go:66:                           + runAsUserName          = (known after apply)
TestTerraformConfluentPlatformExample 2022-07-27T23:30:42Z logger.go:66:                         }
TestTerraformConfluentPlatformExample 2022-07-27T23:30:42Z logger.go:66:                     }
TestTerraformConfluentPlatformExample 2022-07-27T23:30:42Z logger.go:66:                   + serviceAccountName            = (known after apply)
TestTerraformConfluentPlatformExample 2022-07-27T23:30:42Z logger.go:66:                   + terminationGracePeriodSeconds = (known after apply)
TestTerraformConfluentPlatformExample 2022-07-27T23:30:42Z logger.go:66:                   + tolerations                   = (known after apply)
TestTerraformConfluentPlatformExample 2022-07-27T23:30:42Z logger.go:66:                   + topologySpreadConstraints     = (known after apply)
TestTerraformConfluentPlatformExample 2022-07-27T23:30:42Z logger.go:66:                 }
TestTerraformConfluentPlatformExample 2022-07-27T23:30:42Z logger.go:66:               + replicas                      = 1
TestTerraformConfluentPlatformExample 2022-07-27T23:30:42Z logger.go:66:               + storageClass                  = {
TestTerraformConfluentPlatformExample 2022-07-27T23:30:42Z logger.go:66:                   + name = (known after apply)
TestTerraformConfluentPlatformExample 2022-07-27T23:30:42Z logger.go:66:                 }
TestTerraformConfluentPlatformExample 2022-07-27T23:30:42Z logger.go:66:               + telemetry                     = {
TestTerraformConfluentPlatformExample 2022-07-27T23:30:42Z logger.go:66:                   + global = (known after apply)
TestTerraformConfluentPlatformExample 2022-07-27T23:30:42Z logger.go:66:                 }
TestTerraformConfluentPlatformExample 2022-07-27T23:30:42Z logger.go:66:               + tls                           = {
TestTerraformConfluentPlatformExample 2022-07-27T23:30:42Z logger.go:66:                   + autoGeneratedCerts       = (known after apply)
TestTerraformConfluentPlatformExample 2022-07-27T23:30:42Z logger.go:66:                   + directoryPathInContainer = (known after apply)
TestTerraformConfluentPlatformExample 2022-07-27T23:30:42Z logger.go:66:                   + ignoreTrustStoreConfig   = (known after apply)
TestTerraformConfluentPlatformExample 2022-07-27T23:30:42Z logger.go:66:                   + jksPassword              = {
TestTerraformConfluentPlatformExample 2022-07-27T23:30:42Z logger.go:66:                       + secretRef = (known after apply)
TestTerraformConfluentPlatformExample 2022-07-27T23:30:42Z logger.go:66:                     }
TestTerraformConfluentPlatformExample 2022-07-27T23:30:42Z logger.go:66:                   + secretRef                = (known after apply)
TestTerraformConfluentPlatformExample 2022-07-27T23:30:42Z logger.go:66:                 }
TestTerraformConfluentPlatformExample 2022-07-27T23:30:42Z logger.go:66:             }
TestTerraformConfluentPlatformExample 2022-07-27T23:30:42Z logger.go:66:         }
TestTerraformConfluentPlatformExample 2022-07-27T23:30:42Z logger.go:66:
TestTerraformConfluentPlatformExample 2022-07-27T23:30:42Z logger.go:66:       + timeouts {
TestTerraformConfluentPlatformExample 2022-07-27T23:30:42Z logger.go:66:           + create = "1h"
TestTerraformConfluentPlatformExample 2022-07-27T23:30:42Z logger.go:66:           + delete = "5m"
TestTerraformConfluentPlatformExample 2022-07-27T23:30:42Z logger.go:66:           + update = "1h"
TestTerraformConfluentPlatformExample 2022-07-27T23:30:42Z logger.go:66:         }
TestTerraformConfluentPlatformExample 2022-07-27T23:30:42Z logger.go:66:
TestTerraformConfluentPlatformExample 2022-07-27T23:30:42Z logger.go:66:       + wait {
TestTerraformConfluentPlatformExample 2022-07-27T23:30:42Z logger.go:66:           + fields = {
TestTerraformConfluentPlatformExample 2022-07-27T23:30:42Z logger.go:66:               + "status.phase" = "RUNNING"
TestTerraformConfluentPlatformExample 2022-07-27T23:30:42Z logger.go:66:             }
TestTerraformConfluentPlatformExample 2022-07-27T23:30:42Z logger.go:66:         }
TestTerraformConfluentPlatformExample 2022-07-27T23:30:42Z logger.go:66:     }
TestTerraformConfluentPlatformExample 2022-07-27T23:30:42Z logger.go:66:
TestTerraformConfluentPlatformExample 2022-07-27T23:30:42Z logger.go:66:   # module.confluent_platform.kubernetes_manifest.kafka[0] will be created
TestTerraformConfluentPlatformExample 2022-07-27T23:30:42Z logger.go:66:   + resource "kubernetes_manifest" "kafka" {
TestTerraformConfluentPlatformExample 2022-07-27T23:30:42Z logger.go:66:       + computed_fields = [
TestTerraformConfluentPlatformExample 2022-07-27T23:30:42Z logger.go:66:           + "metadata.finalizers",
TestTerraformConfluentPlatformExample 2022-07-27T23:30:42Z logger.go:66:         ]
TestTerraformConfluentPlatformExample 2022-07-27T23:30:42Z logger.go:66:       + manifest        = {
TestTerraformConfluentPlatformExample 2022-07-27T23:30:42Z logger.go:66:           + apiVersion = "platform.confluent.io/v1beta1"
TestTerraformConfluentPlatformExample 2022-07-27T23:30:42Z logger.go:66:           + kind       = "Kafka"
TestTerraformConfluentPlatformExample 2022-07-27T23:30:42Z logger.go:66:           + metadata   = {
TestTerraformConfluentPlatformExample 2022-07-27T23:30:42Z logger.go:66:               + name      = "kafka"
TestTerraformConfluentPlatformExample 2022-07-27T23:30:42Z logger.go:66:               + namespace = "confluent"
TestTerraformConfluentPlatformExample 2022-07-27T23:30:42Z logger.go:66:             }
TestTerraformConfluentPlatformExample 2022-07-27T23:30:42Z logger.go:66:           + spec       = {
TestTerraformConfluentPlatformExample 2022-07-27T23:30:42Z logger.go:66:               + dataVolumeCapacity = "10Gi"
TestTerraformConfluentPlatformExample 2022-07-27T23:30:42Z logger.go:66:               + image              = {
TestTerraformConfluentPlatformExample 2022-07-27T23:30:42Z logger.go:66:                   + application = "confluentinc/cp-server:7.2.0"
TestTerraformConfluentPlatformExample 2022-07-27T23:30:42Z logger.go:66:                   + init        = "confluentinc/confluent-init-container:2.4.0"
TestTerraformConfluentPlatformExample 2022-07-27T23:30:42Z logger.go:66:                 }
TestTerraformConfluentPlatformExample 2022-07-27T23:30:42Z logger.go:66:               + metricReporter     = {
TestTerraformConfluentPlatformExample 2022-07-27T23:30:42Z logger.go:66:                   + enabled = true
TestTerraformConfluentPlatformExample 2022-07-27T23:30:42Z logger.go:66:                 }
TestTerraformConfluentPlatformExample 2022-07-27T23:30:42Z logger.go:66:               + replicas           = 3
TestTerraformConfluentPlatformExample 2022-07-27T23:30:42Z logger.go:66:             }
TestTerraformConfluentPlatformExample 2022-07-27T23:30:42Z logger.go:66:         }
TestTerraformConfluentPlatformExample 2022-07-27T23:30:42Z logger.go:66:       + object          = {
TestTerraformConfluentPlatformExample 2022-07-27T23:30:42Z logger.go:66:           + apiVersion = "platform.confluent.io/v1beta1"
TestTerraformConfluentPlatformExample 2022-07-27T23:30:42Z logger.go:66:           + kind       = "Kafka"
TestTerraformConfluentPlatformExample 2022-07-27T23:30:42Z logger.go:66:           + metadata   = {
TestTerraformConfluentPlatformExample 2022-07-27T23:30:42Z logger.go:66:               + annotations                = (known after apply)
TestTerraformConfluentPlatformExample 2022-07-27T23:30:42Z logger.go:66:               + clusterName                = (known after apply)
TestTerraformConfluentPlatformExample 2022-07-27T23:30:42Z logger.go:66:               + creationTimestamp          = (known after apply)
TestTerraformConfluentPlatformExample 2022-07-27T23:30:42Z logger.go:66:               + deletionGracePeriodSeconds = (known after apply)
TestTerraformConfluentPlatformExample 2022-07-27T23:30:42Z logger.go:66:               + deletionTimestamp          = (known after apply)
TestTerraformConfluentPlatformExample 2022-07-27T23:30:42Z logger.go:66:               + finalizers                 = (known after apply)
TestTerraformConfluentPlatformExample 2022-07-27T23:30:42Z logger.go:66:               + generateName               = (known after apply)
TestTerraformConfluentPlatformExample 2022-07-27T23:30:42Z logger.go:66:               + generation                 = (known after apply)
TestTerraformConfluentPlatformExample 2022-07-27T23:30:42Z logger.go:66:               + labels                     = (known after apply)
TestTerraformConfluentPlatformExample 2022-07-27T23:30:42Z logger.go:66:               + managedFields              = (known after apply)
TestTerraformConfluentPlatformExample 2022-07-27T23:30:42Z logger.go:66:               + name                       = "kafka"
TestTerraformConfluentPlatformExample 2022-07-27T23:30:42Z logger.go:66:               + namespace                  = "confluent"
TestTerraformConfluentPlatformExample 2022-07-27T23:30:42Z logger.go:66:               + ownerReferences            = (known after apply)
TestTerraformConfluentPlatformExample 2022-07-27T23:30:42Z logger.go:66:               + resourceVersion            = (known after apply)
TestTerraformConfluentPlatformExample 2022-07-27T23:30:42Z logger.go:66:               + selfLink                   = (known after apply)
TestTerraformConfluentPlatformExample 2022-07-27T23:30:42Z logger.go:66:               + uid                        = (known after apply)
TestTerraformConfluentPlatformExample 2022-07-27T23:30:42Z logger.go:66:             }
TestTerraformConfluentPlatformExample 2022-07-27T23:30:42Z logger.go:66:           + spec       = {
TestTerraformConfluentPlatformExample 2022-07-27T23:30:42Z logger.go:66:               + authorization      = {
TestTerraformConfluentPlatformExample 2022-07-27T23:30:42Z logger.go:66:                   + superUsers = (known after apply)
TestTerraformConfluentPlatformExample 2022-07-27T23:30:42Z logger.go:66:                   + type       = (known after apply)
TestTerraformConfluentPlatformExample 2022-07-27T23:30:42Z logger.go:66:                 }
TestTerraformConfluentPlatformExample 2022-07-27T23:30:42Z logger.go:66:               + configOverrides    = {
TestTerraformConfluentPlatformExample 2022-07-27T23:30:42Z logger.go:66:                   + jvm    = (known after apply)
TestTerraformConfluentPlatformExample 2022-07-27T23:30:42Z logger.go:66:                   + log4j  = (known after apply)
TestTerraformConfluentPlatformExample 2022-07-27T23:30:42Z logger.go:66:                   + server = (known after apply)
TestTerraformConfluentPlatformExample 2022-07-27T23:30:42Z logger.go:66:                 }
TestTerraformConfluentPlatformExample 2022-07-27T23:30:42Z logger.go:66:               + dataVolumeCapacity = "10Gi"
TestTerraformConfluentPlatformExample 2022-07-27T23:30:42Z logger.go:66:               + dependencies       = {
TestTerraformConfluentPlatformExample 2022-07-27T23:30:42Z logger.go:66:                   + kafkaRest      = {
TestTerraformConfluentPlatformExample 2022-07-27T23:30:42Z logger.go:66:                       + authentication    = {
TestTerraformConfluentPlatformExample 2022-07-27T23:30:42Z logger.go:66:                           + bearer                = {
TestTerraformConfluentPlatformExample 2022-07-27T23:30:42Z logger.go:66:                               + directoryPathInContainer = (known after apply)
TestTerraformConfluentPlatformExample 2022-07-27T23:30:42Z logger.go:66:                               + secretRef                = (known after apply)
TestTerraformConfluentPlatformExample 2022-07-27T23:30:42Z logger.go:66:                             }
TestTerraformConfluentPlatformExample 2022-07-27T23:30:42Z logger.go:66:                           + jaasConfig            = {
TestTerraformConfluentPlatformExample 2022-07-27T23:30:42Z logger.go:66:                               + secretRef = (known after apply)
TestTerraformConfluentPlatformExample 2022-07-27T23:30:42Z logger.go:66:                             }
TestTerraformConfluentPlatformExample 2022-07-27T23:30:42Z logger.go:66:                           + jaasConfigPassThrough = {
TestTerraformConfluentPlatformExample 2022-07-27T23:30:42Z logger.go:66:                               + directoryPathInContainer = (known after apply)
TestTerraformConfluentPlatformExample 2022-07-27T23:30:42Z logger.go:66:                               + secretRef                = (known after apply)
TestTerraformConfluentPlatformExample 2022-07-27T23:30:42Z logger.go:66:                             }
TestTerraformConfluentPlatformExample 2022-07-27T23:30:42Z logger.go:66:                           + oauthbearer           = {
TestTerraformConfluentPlatformExample 2022-07-27T23:30:42Z logger.go:66:                               + directoryPathInContainer = (known after apply)
TestTerraformConfluentPlatformExample 2022-07-27T23:30:42Z logger.go:66:                               + secretRef                = (known after apply)
TestTerraformConfluentPlatformExample 2022-07-27T23:30:42Z logger.go:66:                             }
TestTerraformConfluentPlatformExample 2022-07-27T23:30:42Z logger.go:66:                           + type                  = (known after apply)
TestTerraformConfluentPlatformExample 2022-07-27T23:30:42Z logger.go:66:                         }
TestTerraformConfluentPlatformExample 2022-07-27T23:30:42Z logger.go:66:                       + bootstrapEndpoint = (known after apply)
TestTerraformConfluentPlatformExample 2022-07-27T23:30:42Z logger.go:66:                       + endpoint          = (known after apply)
TestTerraformConfluentPlatformExample 2022-07-27T23:30:42Z logger.go:66:                       + tls               = {
TestTerraformConfluentPlatformExample 2022-07-27T23:30:42Z logger.go:66:                           + directoryPathInContainer = (known after apply)
TestTerraformConfluentPlatformExample 2022-07-27T23:30:42Z logger.go:66:                           + enabled                  = (known after apply)
TestTerraformConfluentPlatformExample 2022-07-27T23:30:42Z logger.go:66:                           + ignoreTrustStoreConfig   = (known after apply)
TestTerraformConfluentPlatformExample 2022-07-27T23:30:42Z logger.go:66:                           + jksPassword              = {
TestTerraformConfluentPlatformExample 2022-07-27T23:30:42Z logger.go:66:                               + secretRef = (known after apply)
TestTerraformConfluentPlatformExample 2022-07-27T23:30:42Z logger.go:66:                             }
TestTerraformConfluentPlatformExample 2022-07-27T23:30:42Z logger.go:66:                           + secretRef                = (known after apply)
TestTerraformConfluentPlatformExample 2022-07-27T23:30:42Z logger.go:66:                         }
TestTerraformConfluentPlatformExample 2022-07-27T23:30:42Z logger.go:66:                     }
TestTerraformConfluentPlatformExample 2022-07-27T23:30:42Z logger.go:66:                   + mds            = {
TestTerraformConfluentPlatformExample 2022-07-27T23:30:42Z logger.go:66:                       + endpoint     = (known after apply)
TestTerraformConfluentPlatformExample 2022-07-27T23:30:42Z logger.go:66:                       + kafka        = {
TestTerraformConfluentPlatformExample 2022-07-27T23:30:42Z logger.go:66:                           + authentication    = {
TestTerraformConfluentPlatformExample 2022-07-27T23:30:42Z logger.go:66:                               + jaasConfig            = {
TestTerraformConfluentPlatformExample 2022-07-27T23:30:42Z logger.go:66:                                   + secretRef = (known after apply)
TestTerraformConfluentPlatformExample 2022-07-27T23:30:42Z logger.go:66:                                 }
TestTerraformConfluentPlatformExample 2022-07-27T23:30:42Z logger.go:66:                               + jaasConfigPassThrough = {
TestTerraformConfluentPlatformExample 2022-07-27T23:30:42Z logger.go:66:                                   + directoryPathInContainer = (known after apply)
TestTerraformConfluentPlatformExample 2022-07-27T23:30:42Z logger.go:66:                                   + secretRef                = (known after apply)
TestTerraformConfluentPlatformExample 2022-07-27T23:30:42Z logger.go:66:                                 }
TestTerraformConfluentPlatformExample 2022-07-27T23:30:42Z logger.go:66:                               + oauthbearer           = {
TestTerraformConfluentPlatformExample 2022-07-27T23:30:42Z logger.go:66:                                   + directoryPathInContainer = (known after apply)
TestTerraformConfluentPlatformExample 2022-07-27T23:30:42Z logger.go:66:                                   + secretRef                = (known after apply)
TestTerraformConfluentPlatformExample 2022-07-27T23:30:42Z logger.go:66:                                 }
TestTerraformConfluentPlatformExample 2022-07-27T23:30:42Z logger.go:66:                               + type                  = (known after apply)
TestTerraformConfluentPlatformExample 2022-07-27T23:30:42Z logger.go:66:                             }
TestTerraformConfluentPlatformExample 2022-07-27T23:30:42Z logger.go:66:                           + bootstrapEndpoint = (known after apply)
TestTerraformConfluentPlatformExample 2022-07-27T23:30:42Z logger.go:66:                           + discovery         = {
TestTerraformConfluentPlatformExample 2022-07-27T23:30:42Z logger.go:66:                               + name      = (known after apply)
TestTerraformConfluentPlatformExample 2022-07-27T23:30:42Z logger.go:66:                               + namespace = (known after apply)
TestTerraformConfluentPlatformExample 2022-07-27T23:30:42Z logger.go:66:                               + secretRef = (known after apply)
TestTerraformConfluentPlatformExample 2022-07-27T23:30:42Z logger.go:66:                             }
TestTerraformConfluentPlatformExample 2022-07-27T23:30:42Z logger.go:66:                           + tls               = {
TestTerraformConfluentPlatformExample 2022-07-27T23:30:42Z logger.go:66:                               + directoryPathInContainer = (known after apply)
TestTerraformConfluentPlatformExample 2022-07-27T23:30:42Z logger.go:66:                               + enabled                  = (known after apply)
TestTerraformConfluentPlatformExample 2022-07-27T23:30:42Z logger.go:66:                               + ignoreTrustStoreConfig   = (known after apply)
TestTerraformConfluentPlatformExample 2022-07-27T23:30:42Z logger.go:66:                               + jksPassword              = {
TestTerraformConfluentPlatformExample 2022-07-27T23:30:42Z logger.go:66:                                   + secretRef = (known after apply)
TestTerraformConfluentPlatformExample 2022-07-27T23:30:42Z logger.go:66:                                 }
TestTerraformConfluentPlatformExample 2022-07-27T23:30:42Z logger.go:66:                               + secretRef                = (known after apply)
TestTerraformConfluentPlatformExample 2022-07-27T23:30:42Z logger.go:66:                             }
TestTerraformConfluentPlatformExample 2022-07-27T23:30:42Z logger.go:66:                         }
TestTerraformConfluentPlatformExample 2022-07-27T23:30:42Z logger.go:66:                       + tls          = {
TestTerraformConfluentPlatformExample 2022-07-27T23:30:42Z logger.go:66:                           + directoryPathInContainer = (known after apply)
TestTerraformConfluentPlatformExample 2022-07-27T23:30:42Z logger.go:66:                           + enabled                  = (known after apply)
TestTerraformConfluentPlatformExample 2022-07-27T23:30:42Z logger.go:66:                           + ignoreTrustStoreConfig   = (known after apply)
TestTerraformConfluentPlatformExample 2022-07-27T23:30:42Z logger.go:66:                           + jksPassword              = {
TestTerraformConfluentPlatformExample 2022-07-27T23:30:42Z logger.go:66:                               + secretRef = (known after apply)
TestTerraformConfluentPlatformExample 2022-07-27T23:30:42Z logger.go:66:                             }
TestTerraformConfluentPlatformExample 2022-07-27T23:30:42Z logger.go:66:                           + secretRef                = (known after apply)
TestTerraformConfluentPlatformExample 2022-07-27T23:30:42Z logger.go:66:                         }
TestTerraformConfluentPlatformExample 2022-07-27T23:30:42Z logger.go:66:                       + tokenKeyPair = {
TestTerraformConfluentPlatformExample 2022-07-27T23:30:42Z logger.go:66:                           + directoryPathInContainer = (known after apply)
TestTerraformConfluentPlatformExample 2022-07-27T23:30:42Z logger.go:66:                           + secretRef                = (known after apply)
TestTerraformConfluentPlatformExample 2022-07-27T23:30:42Z logger.go:66:                         }
TestTerraformConfluentPlatformExample 2022-07-27T23:30:42Z logger.go:66:                     }
TestTerraformConfluentPlatformExample 2022-07-27T23:30:42Z logger.go:66:                   + schemaRegistry = {
TestTerraformConfluentPlatformExample 2022-07-27T23:30:42Z logger.go:66:                       + authentication = {
TestTerraformConfluentPlatformExample 2022-07-27T23:30:42Z logger.go:66:                           + basic = {
TestTerraformConfluentPlatformExample 2022-07-27T23:30:42Z logger.go:66:                               + debug                    = (known after apply)
TestTerraformConfluentPlatformExample 2022-07-27T23:30:42Z logger.go:66:                               + directoryPathInContainer = (known after apply)
TestTerraformConfluentPlatformExample 2022-07-27T23:30:42Z logger.go:66:                               + restrictedRoles          = (known after apply)
TestTerraformConfluentPlatformExample 2022-07-27T23:30:42Z logger.go:66:                               + roles                    = (known after apply)
TestTerraformConfluentPlatformExample 2022-07-27T23:30:42Z logger.go:66:                               + secretRef                = (known after apply)
TestTerraformConfluentPlatformExample 2022-07-27T23:30:42Z logger.go:66:                             }
TestTerraformConfluentPlatformExample 2022-07-27T23:30:42Z logger.go:66:                           + type  = (known after apply)
TestTerraformConfluentPlatformExample 2022-07-27T23:30:42Z logger.go:66:                         }
TestTerraformConfluentPlatformExample 2022-07-27T23:30:42Z logger.go:66:                       + tls            = {
TestTerraformConfluentPlatformExample 2022-07-27T23:30:42Z logger.go:66:                           + directoryPathInContainer = (known after apply)
TestTerraformConfluentPlatformExample 2022-07-27T23:30:42Z logger.go:66:                           + enabled                  = (known after apply)
TestTerraformConfluentPlatformExample 2022-07-27T23:30:42Z logger.go:66:                           + ignoreTrustStoreConfig   = (known after apply)
TestTerraformConfluentPlatformExample 2022-07-27T23:30:42Z logger.go:66:                           + jksPassword              = {
TestTerraformConfluentPlatformExample 2022-07-27T23:30:42Z logger.go:66:                               + secretRef = (known after apply)
TestTerraformConfluentPlatformExample 2022-07-27T23:30:42Z logger.go:66:                             }
TestTerraformConfluentPlatformExample 2022-07-27T23:30:42Z logger.go:66:                           + secretRef                = (known after apply)
TestTerraformConfluentPlatformExample 2022-07-27T23:30:42Z logger.go:66:                         }
TestTerraformConfluentPlatformExample 2022-07-27T23:30:42Z logger.go:66:                       + url            = (known after apply)
TestTerraformConfluentPlatformExample 2022-07-27T23:30:42Z logger.go:66:                     }
TestTerraformConfluentPlatformExample 2022-07-27T23:30:42Z logger.go:66:                   + zookeeper      = {
TestTerraformConfluentPlatformExample 2022-07-27T23:30:42Z logger.go:66:                       + authentication = {
TestTerraformConfluentPlatformExample 2022-07-27T23:30:42Z logger.go:66:                           + jaasConfig            = {
TestTerraformConfluentPlatformExample 2022-07-27T23:30:42Z logger.go:66:                               + secretRef = (known after apply)
TestTerraformConfluentPlatformExample 2022-07-27T23:30:42Z logger.go:66:                             }
TestTerraformConfluentPlatformExample 2022-07-27T23:30:42Z logger.go:66:                           + jaasConfigPassThrough = {
TestTerraformConfluentPlatformExample 2022-07-27T23:30:42Z logger.go:66:                               + directoryPathInContainer = (known after apply)
TestTerraformConfluentPlatformExample 2022-07-27T23:30:42Z logger.go:66:                               + secretRef                = (known after apply)
TestTerraformConfluentPlatformExample 2022-07-27T23:30:42Z logger.go:66:                             }
TestTerraformConfluentPlatformExample 2022-07-27T23:30:42Z logger.go:66:                           + oauthbearer           = {
TestTerraformConfluentPlatformExample 2022-07-27T23:30:42Z logger.go:66:                               + directoryPathInContainer = (known after apply)
TestTerraformConfluentPlatformExample 2022-07-27T23:30:42Z logger.go:66:                               + secretRef                = (known after apply)
TestTerraformConfluentPlatformExample 2022-07-27T23:30:42Z logger.go:66:                             }
TestTerraformConfluentPlatformExample 2022-07-27T23:30:42Z logger.go:66:                           + type                  = (known after apply)
TestTerraformConfluentPlatformExample 2022-07-27T23:30:42Z logger.go:66:                         }
TestTerraformConfluentPlatformExample 2022-07-27T23:30:42Z logger.go:66:                       + discovery      = {
TestTerraformConfluentPlatformExample 2022-07-27T23:30:42Z logger.go:66:                           + name      = (known after apply)
TestTerraformConfluentPlatformExample 2022-07-27T23:30:42Z logger.go:66:                           + namespace = (known after apply)
TestTerraformConfluentPlatformExample 2022-07-27T23:30:42Z logger.go:66:                           + secretRef = (known after apply)
TestTerraformConfluentPlatformExample 2022-07-27T23:30:42Z logger.go:66:                         }
TestTerraformConfluentPlatformExample 2022-07-27T23:30:42Z logger.go:66:                       + endpoint       = (known after apply)
TestTerraformConfluentPlatformExample 2022-07-27T23:30:42Z logger.go:66:                       + tls            = {
TestTerraformConfluentPlatformExample 2022-07-27T23:30:42Z logger.go:66:                           + directoryPathInContainer = (known after apply)
TestTerraformConfluentPlatformExample 2022-07-27T23:30:42Z logger.go:66:                           + enabled                  = (known after apply)
TestTerraformConfluentPlatformExample 2022-07-27T23:30:42Z logger.go:66:                           + ignoreTrustStoreConfig   = (known after apply)
TestTerraformConfluentPlatformExample 2022-07-27T23:30:42Z logger.go:66:                           + jksPassword              = {
TestTerraformConfluentPlatformExample 2022-07-27T23:30:42Z logger.go:66:                               + secretRef = (known after apply)
TestTerraformConfluentPlatformExample 2022-07-27T23:30:42Z logger.go:66:                             }
TestTerraformConfluentPlatformExample 2022-07-27T23:30:42Z logger.go:66:                           + secretRef                = (known after apply)
TestTerraformConfluentPlatformExample 2022-07-27T23:30:42Z logger.go:66:                         }
TestTerraformConfluentPlatformExample 2022-07-27T23:30:42Z logger.go:66:                     }
TestTerraformConfluentPlatformExample 2022-07-27T23:30:42Z logger.go:66:                 }
TestTerraformConfluentPlatformExample 2022-07-27T23:30:42Z logger.go:66:               + headlessService    = {
TestTerraformConfluentPlatformExample 2022-07-27T23:30:42Z logger.go:66:                   + annotations              = (known after apply)
TestTerraformConfluentPlatformExample 2022-07-27T23:30:42Z logger.go:66:                   + labels                   = (known after apply)
TestTerraformConfluentPlatformExample 2022-07-27T23:30:42Z logger.go:66:                   + publishNotReadyAddresses = (known after apply)
TestTerraformConfluentPlatformExample 2022-07-27T23:30:42Z logger.go:66:                 }
TestTerraformConfluentPlatformExample 2022-07-27T23:30:42Z logger.go:66:               + identityProvider   = {
TestTerraformConfluentPlatformExample 2022-07-27T23:30:42Z logger.go:66:                   + ldap = {
TestTerraformConfluentPlatformExample 2022-07-27T23:30:42Z logger.go:66:                       + address        = (known after apply)
TestTerraformConfluentPlatformExample 2022-07-27T23:30:42Z logger.go:66:                       + authentication = {
TestTerraformConfluentPlatformExample 2022-07-27T23:30:42Z logger.go:66:                           + simple = {
TestTerraformConfluentPlatformExample 2022-07-27T23:30:42Z logger.go:66:                               + directoryPathInContainer = (known after apply)
TestTerraformConfluentPlatformExample 2022-07-27T23:30:42Z logger.go:66:                               + secretRef                = (known after apply)
TestTerraformConfluentPlatformExample 2022-07-27T23:30:42Z logger.go:66:                             }
TestTerraformConfluentPlatformExample 2022-07-27T23:30:42Z logger.go:66:                           + type   = (known after apply)
TestTerraformConfluentPlatformExample 2022-07-27T23:30:42Z logger.go:66:                         }
TestTerraformConfluentPlatformExample 2022-07-27T23:30:42Z logger.go:66:                       + configurations = {
TestTerraformConfluentPlatformExample 2022-07-27T23:30:42Z logger.go:66:                           + groupMemberAttribute         = (known after apply)
TestTerraformConfluentPlatformExample 2022-07-27T23:30:42Z logger.go:66:                           + groupMemberAttributePattern  = (known after apply)
TestTerraformConfluentPlatformExample 2022-07-27T23:30:42Z logger.go:66:                           + groupNameAttribute           = (known after apply)
TestTerraformConfluentPlatformExample 2022-07-27T23:30:42Z logger.go:66:                           + groupObjectClass             = (known after apply)
TestTerraformConfluentPlatformExample 2022-07-27T23:30:42Z logger.go:66:                           + groupSearchBase              = (known after apply)
TestTerraformConfluentPlatformExample 2022-07-27T23:30:42Z logger.go:66:                           + groupSearchFilter            = (known after apply)
TestTerraformConfluentPlatformExample 2022-07-27T23:30:42Z logger.go:66:                           + groupSearchScope             = (known after apply)
TestTerraformConfluentPlatformExample 2022-07-27T23:30:42Z logger.go:66:                           + userMemberOfAttributePattern = (known after apply)
TestTerraformConfluentPlatformExample 2022-07-27T23:30:42Z logger.go:66:                           + userNameAttribute            = (known after apply)
TestTerraformConfluentPlatformExample 2022-07-27T23:30:42Z logger.go:66:                           + userObjectClass              = (known after apply)
TestTerraformConfluentPlatformExample 2022-07-27T23:30:42Z logger.go:66:                           + userSearchBase               = (known after apply)
TestTerraformConfluentPlatformExample 2022-07-27T23:30:42Z logger.go:66:                           + userSearchFilter             = (known after apply)
TestTerraformConfluentPlatformExample 2022-07-27T23:30:42Z logger.go:66:                           + userSearchScope              = (known after apply)
TestTerraformConfluentPlatformExample 2022-07-27T23:30:42Z logger.go:66:                         }
TestTerraformConfluentPlatformExample 2022-07-27T23:30:42Z logger.go:66:                       + tls            = {
TestTerraformConfluentPlatformExample 2022-07-27T23:30:42Z logger.go:66:                           + directoryPathInContainer = (known after apply)
TestTerraformConfluentPlatformExample 2022-07-27T23:30:42Z logger.go:66:                           + enabled                  = (known after apply)
TestTerraformConfluentPlatformExample 2022-07-27T23:30:42Z logger.go:66:                           + ignoreTrustStoreConfig   = (known after apply)
TestTerraformConfluentPlatformExample 2022-07-27T23:30:42Z logger.go:66:                           + jksPassword              = {
TestTerraformConfluentPlatformExample 2022-07-27T23:30:42Z logger.go:66:                               + secretRef = (known after apply)
TestTerraformConfluentPlatformExample 2022-07-27T23:30:42Z logger.go:66:                             }
TestTerraformConfluentPlatformExample 2022-07-27T23:30:42Z logger.go:66:                           + secretRef                = (known after apply)
TestTerraformConfluentPlatformExample 2022-07-27T23:30:42Z logger.go:66:                         }
TestTerraformConfluentPlatformExample 2022-07-27T23:30:42Z logger.go:66:                     }
TestTerraformConfluentPlatformExample 2022-07-27T23:30:42Z logger.go:66:                   + type = (known after apply)
TestTerraformConfluentPlatformExample 2022-07-27T23:30:42Z logger.go:66:                 }
TestTerraformConfluentPlatformExample 2022-07-27T23:30:42Z logger.go:66:               + image              = {
TestTerraformConfluentPlatformExample 2022-07-27T23:30:42Z logger.go:66:                   + application   = "confluentinc/cp-server:7.2.0"
TestTerraformConfluentPlatformExample 2022-07-27T23:30:42Z logger.go:66:                   + init          = "confluentinc/confluent-init-container:2.4.0"
TestTerraformConfluentPlatformExample 2022-07-27T23:30:42Z logger.go:66:                   + pullPolicy    = (known after apply)
TestTerraformConfluentPlatformExample 2022-07-27T23:30:42Z logger.go:66:                   + pullSecretRef = (known after apply)
TestTerraformConfluentPlatformExample 2022-07-27T23:30:42Z logger.go:66:                 }
TestTerraformConfluentPlatformExample 2022-07-27T23:30:42Z logger.go:66:               + injectAnnotations  = (known after apply)
TestTerraformConfluentPlatformExample 2022-07-27T23:30:42Z logger.go:66:               + injectLabels       = (known after apply)
TestTerraformConfluentPlatformExample 2022-07-27T23:30:42Z logger.go:66:               + k8sClusterDomain   = (known after apply)
TestTerraformConfluentPlatformExample 2022-07-27T23:30:42Z logger.go:66:               + license            = {
TestTerraformConfluentPlatformExample 2022-07-27T23:30:42Z logger.go:66:                   + directoryPathInContainer = (known after apply)
TestTerraformConfluentPlatformExample 2022-07-27T23:30:42Z logger.go:66:                   + globalLicense            = (known after apply)
TestTerraformConfluentPlatformExample 2022-07-27T23:30:42Z logger.go:66:                   + secretRef                = (known after apply)
TestTerraformConfluentPlatformExample 2022-07-27T23:30:42Z logger.go:66:                 }
TestTerraformConfluentPlatformExample 2022-07-27T23:30:42Z logger.go:66:               + listeners          = {
TestTerraformConfluentPlatformExample 2022-07-27T23:30:42Z logger.go:66:                   + custom   = (known after apply)
TestTerraformConfluentPlatformExample 2022-07-27T23:30:42Z logger.go:66:                   + external = {
TestTerraformConfluentPlatformExample 2022-07-27T23:30:42Z logger.go:66:                       + authentication = {
TestTerraformConfluentPlatformExample 2022-07-27T23:30:42Z logger.go:66:                           + jaasConfig            = {
TestTerraformConfluentPlatformExample 2022-07-27T23:30:42Z logger.go:66:                               + secretRef = (known after apply)
TestTerraformConfluentPlatformExample 2022-07-27T23:30:42Z logger.go:66:                             }
TestTerraformConfluentPlatformExample 2022-07-27T23:30:42Z logger.go:66:                           + jaasConfigPassThrough = {
TestTerraformConfluentPlatformExample 2022-07-27T23:30:42Z logger.go:66:                               + directoryPathInContainer = (known after apply)
TestTerraformConfluentPlatformExample 2022-07-27T23:30:42Z logger.go:66:                               + secretRef                = (known after apply)
TestTerraformConfluentPlatformExample 2022-07-27T23:30:42Z logger.go:66:                             }
TestTerraformConfluentPlatformExample 2022-07-27T23:30:42Z logger.go:66:                           + principalMappingRules = (known after apply)
TestTerraformConfluentPlatformExample 2022-07-27T23:30:42Z logger.go:66:                           + type                  = (known after apply)
TestTerraformConfluentPlatformExample 2022-07-27T23:30:42Z logger.go:66:                         }
TestTerraformConfluentPlatformExample 2022-07-27T23:30:42Z logger.go:66:                       + externalAccess = {
TestTerraformConfluentPlatformExample 2022-07-27T23:30:42Z logger.go:66:                           + loadBalancer              = {
TestTerraformConfluentPlatformExample 2022-07-27T23:30:42Z logger.go:66:                               + advertisedPort           = (known after apply)
TestTerraformConfluentPlatformExample 2022-07-27T23:30:42Z logger.go:66:                               + annotations              = (known after apply)
TestTerraformConfluentPlatformExample 2022-07-27T23:30:42Z logger.go:66:                               + bootstrapPrefix          = (known after apply)
TestTerraformConfluentPlatformExample 2022-07-27T23:30:42Z logger.go:66:                               + brokerPrefix             = (known after apply)
TestTerraformConfluentPlatformExample 2022-07-27T23:30:42Z logger.go:66:                               + domain                   = (known after apply)
TestTerraformConfluentPlatformExample 2022-07-27T23:30:42Z logger.go:66:                               + externalTrafficPolicy    = (known after apply)
TestTerraformConfluentPlatformExample 2022-07-27T23:30:42Z logger.go:66:                               + labels                   = (known after apply)
TestTerraformConfluentPlatformExample 2022-07-27T23:30:42Z logger.go:66:                               + loadBalancerSourceRanges = (known after apply)
TestTerraformConfluentPlatformExample 2022-07-27T23:30:42Z logger.go:66:                               + servicePorts             = (known after apply)
TestTerraformConfluentPlatformExample 2022-07-27T23:30:42Z logger.go:66:                               + sessionAffinity          = (known after apply)
TestTerraformConfluentPlatformExample 2022-07-27T23:30:42Z logger.go:66:                               + sessionAffinityConfig    = {
TestTerraformConfluentPlatformExample 2022-07-27T23:30:42Z logger.go:66:                                   + clientIP = {
TestTerraformConfluentPlatformExample 2022-07-27T23:30:42Z logger.go:66:                                       + timeoutSeconds = (known after apply)
TestTerraformConfluentPlatformExample 2022-07-27T23:30:42Z logger.go:66:                                     }
TestTerraformConfluentPlatformExample 2022-07-27T23:30:42Z logger.go:66:                                 }
TestTerraformConfluentPlatformExample 2022-07-27T23:30:42Z logger.go:66:                             }
TestTerraformConfluentPlatformExample 2022-07-27T23:30:42Z logger.go:66:                           + nodePort                  = {
TestTerraformConfluentPlatformExample 2022-07-27T23:30:42Z logger.go:66:                               + advertisedURL         = {
TestTerraformConfluentPlatformExample 2022-07-27T23:30:42Z logger.go:66:                                   + enabled = (known after apply)
TestTerraformConfluentPlatformExample 2022-07-27T23:30:42Z logger.go:66:                                   + prefix  = (known after apply)
TestTerraformConfluentPlatformExample 2022-07-27T23:30:42Z logger.go:66:                                 }
TestTerraformConfluentPlatformExample 2022-07-27T23:30:42Z logger.go:66:                               + annotations           = (known after apply)
TestTerraformConfluentPlatformExample 2022-07-27T23:30:42Z logger.go:66:                               + externalTrafficPolicy = (known after apply)
TestTerraformConfluentPlatformExample 2022-07-27T23:30:42Z logger.go:66:                               + host                  = (known after apply)
TestTerraformConfluentPlatformExample 2022-07-27T23:30:42Z logger.go:66:                               + labels                = (known after apply)
TestTerraformConfluentPlatformExample 2022-07-27T23:30:42Z logger.go:66:                               + nodePortOffset        = (known after apply)
TestTerraformConfluentPlatformExample 2022-07-27T23:30:42Z logger.go:66:                               + servicePorts          = (known after apply)
TestTerraformConfluentPlatformExample 2022-07-27T23:30:42Z logger.go:66:                               + sessionAffinity       = (known after apply)
TestTerraformConfluentPlatformExample 2022-07-27T23:30:42Z logger.go:66:                               + sessionAffinityConfig = {
TestTerraformConfluentPlatformExample 2022-07-27T23:30:42Z logger.go:66:                                   + clientIP = {
TestTerraformConfluentPlatformExample 2022-07-27T23:30:42Z logger.go:66:                                       + timeoutSeconds = (known after apply)
TestTerraformConfluentPlatformExample 2022-07-27T23:30:42Z logger.go:66:                                     }
TestTerraformConfluentPlatformExample 2022-07-27T23:30:42Z logger.go:66:                                 }
TestTerraformConfluentPlatformExample 2022-07-27T23:30:42Z logger.go:66:                             }
TestTerraformConfluentPlatformExample 2022-07-27T23:30:42Z logger.go:66:                           + route                     = {
TestTerraformConfluentPlatformExample 2022-07-27T23:30:42Z logger.go:66:                               + annotations     = (known after apply)
TestTerraformConfluentPlatformExample 2022-07-27T23:30:42Z logger.go:66:                               + bootstrapPrefix = (known after apply)
TestTerraformConfluentPlatformExample 2022-07-27T23:30:42Z logger.go:66:                               + brokerPrefix    = (known after apply)
TestTerraformConfluentPlatformExample 2022-07-27T23:30:42Z logger.go:66:                               + domain          = (known after apply)
TestTerraformConfluentPlatformExample 2022-07-27T23:30:42Z logger.go:66:                               + labels          = (known after apply)
TestTerraformConfluentPlatformExample 2022-07-27T23:30:42Z logger.go:66:                               + wildcardPolicy  = (known after apply)
TestTerraformConfluentPlatformExample 2022-07-27T23:30:42Z logger.go:66:                             }
TestTerraformConfluentPlatformExample 2022-07-27T23:30:42Z logger.go:66:                           + staticForHostBasedRouting = {
TestTerraformConfluentPlatformExample 2022-07-27T23:30:42Z logger.go:66:                               + brokerPrefix = (known after apply)
TestTerraformConfluentPlatformExample 2022-07-27T23:30:42Z logger.go:66:                               + domain       = (known after apply)
TestTerraformConfluentPlatformExample 2022-07-27T23:30:42Z logger.go:66:                               + port         = (known after apply)
TestTerraformConfluentPlatformExample 2022-07-27T23:30:42Z logger.go:66:                             }
TestTerraformConfluentPlatformExample 2022-07-27T23:30:42Z logger.go:66:                           + staticForPortBasedRouting = {
TestTerraformConfluentPlatformExample 2022-07-27T23:30:42Z logger.go:66:                               + host       = (known after apply)
TestTerraformConfluentPlatformExample 2022-07-27T23:30:42Z logger.go:66:                               + portOffset = (known after apply)
TestTerraformConfluentPlatformExample 2022-07-27T23:30:42Z logger.go:66:                             }
TestTerraformConfluentPlatformExample 2022-07-27T23:30:42Z logger.go:66:                           + type                      = (known after apply)
TestTerraformConfluentPlatformExample 2022-07-27T23:30:42Z logger.go:66:                         }
TestTerraformConfluentPlatformExample 2022-07-27T23:30:42Z logger.go:66:                       + tls            = {
TestTerraformConfluentPlatformExample 2022-07-27T23:30:42Z logger.go:66:                           + directoryPathInContainer = (known after apply)
TestTerraformConfluentPlatformExample 2022-07-27T23:30:42Z logger.go:66:                           + enabled                  = (known after apply)
TestTerraformConfluentPlatformExample 2022-07-27T23:30:42Z logger.go:66:                           + ignoreTrustStoreConfig   = (known after apply)
TestTerraformConfluentPlatformExample 2022-07-27T23:30:42Z logger.go:66:                           + jksPassword              = {
TestTerraformConfluentPlatformExample 2022-07-27T23:30:42Z logger.go:66:                               + secretRef = (known after apply)
TestTerraformConfluentPlatformExample 2022-07-27T23:30:42Z logger.go:66:                             }
TestTerraformConfluentPlatformExample 2022-07-27T23:30:42Z logger.go:66:                           + secretRef                = (known after apply)
TestTerraformConfluentPlatformExample 2022-07-27T23:30:42Z logger.go:66:                         }
TestTerraformConfluentPlatformExample 2022-07-27T23:30:42Z logger.go:66:                     }
TestTerraformConfluentPlatformExample 2022-07-27T23:30:42Z logger.go:66:                   + internal = {
TestTerraformConfluentPlatformExample 2022-07-27T23:30:42Z logger.go:66:                       + authentication = {
TestTerraformConfluentPlatformExample 2022-07-27T23:30:42Z logger.go:66:                           + jaasConfig            = {
TestTerraformConfluentPlatformExample 2022-07-27T23:30:42Z logger.go:66:                               + secretRef = (known after apply)
TestTerraformConfluentPlatformExample 2022-07-27T23:30:42Z logger.go:66:                             }
TestTerraformConfluentPlatformExample 2022-07-27T23:30:42Z logger.go:66:                           + jaasConfigPassThrough = {
TestTerraformConfluentPlatformExample 2022-07-27T23:30:42Z logger.go:66:                               + directoryPathInContainer = (known after apply)
TestTerraformConfluentPlatformExample 2022-07-27T23:30:42Z logger.go:66:                               + secretRef                = (known after apply)
TestTerraformConfluentPlatformExample 2022-07-27T23:30:42Z logger.go:66:                             }
TestTerraformConfluentPlatformExample 2022-07-27T23:30:42Z logger.go:66:                           + principalMappingRules = (known after apply)
TestTerraformConfluentPlatformExample 2022-07-27T23:30:42Z logger.go:66:                           + type                  = (known after apply)
TestTerraformConfluentPlatformExample 2022-07-27T23:30:42Z logger.go:66:                         }
TestTerraformConfluentPlatformExample 2022-07-27T23:30:42Z logger.go:66:                       + tls            = {
TestTerraformConfluentPlatformExample 2022-07-27T23:30:42Z logger.go:66:                           + directoryPathInContainer = (known after apply)
TestTerraformConfluentPlatformExample 2022-07-27T23:30:42Z logger.go:66:                           + enabled                  = (known after apply)
TestTerraformConfluentPlatformExample 2022-07-27T23:30:42Z logger.go:66:                           + ignoreTrustStoreConfig   = (known after apply)
TestTerraformConfluentPlatformExample 2022-07-27T23:30:42Z logger.go:66:                           + jksPassword              = {
TestTerraformConfluentPlatformExample 2022-07-27T23:30:42Z logger.go:66:                               + secretRef = (known after apply)
TestTerraformConfluentPlatformExample 2022-07-27T23:30:42Z logger.go:66:                             }
TestTerraformConfluentPlatformExample 2022-07-27T23:30:42Z logger.go:66:                           + secretRef                = (known after apply)
TestTerraformConfluentPlatformExample 2022-07-27T23:30:42Z logger.go:66:                         }
TestTerraformConfluentPlatformExample 2022-07-27T23:30:42Z logger.go:66:                     }
TestTerraformConfluentPlatformExample 2022-07-27T23:30:42Z logger.go:66:                 }
TestTerraformConfluentPlatformExample 2022-07-27T23:30:42Z logger.go:66:               + metricReporter     = {
TestTerraformConfluentPlatformExample 2022-07-27T23:30:42Z logger.go:66:                   + authentication    = {
TestTerraformConfluentPlatformExample 2022-07-27T23:30:42Z logger.go:66:                       + jaasConfig            = {
TestTerraformConfluentPlatformExample 2022-07-27T23:30:42Z logger.go:66:                           + secretRef = (known after apply)
TestTerraformConfluentPlatformExample 2022-07-27T23:30:42Z logger.go:66:                         }
TestTerraformConfluentPlatformExample 2022-07-27T23:30:42Z logger.go:66:                       + jaasConfigPassThrough = {
TestTerraformConfluentPlatformExample 2022-07-27T23:30:42Z logger.go:66:                           + directoryPathInContainer = (known after apply)
TestTerraformConfluentPlatformExample 2022-07-27T23:30:42Z logger.go:66:                           + secretRef                = (known after apply)
TestTerraformConfluentPlatformExample 2022-07-27T23:30:42Z logger.go:66:                         }
TestTerraformConfluentPlatformExample 2022-07-27T23:30:42Z logger.go:66:                       + oauthbearer           = {
TestTerraformConfluentPlatformExample 2022-07-27T23:30:42Z logger.go:66:                           + directoryPathInContainer = (known after apply)
TestTerraformConfluentPlatformExample 2022-07-27T23:30:42Z logger.go:66:                           + secretRef                = (known after apply)
TestTerraformConfluentPlatformExample 2022-07-27T23:30:42Z logger.go:66:                         }
TestTerraformConfluentPlatformExample 2022-07-27T23:30:42Z logger.go:66:                       + type                  = (known after apply)
TestTerraformConfluentPlatformExample 2022-07-27T23:30:42Z logger.go:66:                     }
TestTerraformConfluentPlatformExample 2022-07-27T23:30:42Z logger.go:66:                   + bootstrapEndpoint = (known after apply)
TestTerraformConfluentPlatformExample 2022-07-27T23:30:42Z logger.go:66:                   + enabled           = true
TestTerraformConfluentPlatformExample 2022-07-27T23:30:42Z logger.go:66:                   + replicationFactor = (known after apply)
TestTerraformConfluentPlatformExample 2022-07-27T23:30:42Z logger.go:66:                   + tls               = {
TestTerraformConfluentPlatformExample 2022-07-27T23:30:42Z logger.go:66:                       + directoryPathInContainer = (known after apply)
TestTerraformConfluentPlatformExample 2022-07-27T23:30:42Z logger.go:66:                       + enabled                  = (known after apply)
TestTerraformConfluentPlatformExample 2022-07-27T23:30:42Z logger.go:66:                       + ignoreTrustStoreConfig   = (known after apply)
TestTerraformConfluentPlatformExample 2022-07-27T23:30:42Z logger.go:66:                       + jksPassword              = {
TestTerraformConfluentPlatformExample 2022-07-27T23:30:42Z logger.go:66:                           + secretRef = (known after apply)
TestTerraformConfluentPlatformExample 2022-07-27T23:30:42Z logger.go:66:                         }
TestTerraformConfluentPlatformExample 2022-07-27T23:30:42Z logger.go:66:                       + secretRef                = (known after apply)
TestTerraformConfluentPlatformExample 2022-07-27T23:30:42Z logger.go:66:                     }
TestTerraformConfluentPlatformExample 2022-07-27T23:30:42Z logger.go:66:                 }
TestTerraformConfluentPlatformExample 2022-07-27T23:30:42Z logger.go:66:               + metrics            = {
TestTerraformConfluentPlatformExample 2022-07-27T23:30:42Z logger.go:66:                   + authentication = {
TestTerraformConfluentPlatformExample 2022-07-27T23:30:42Z logger.go:66:                       + type = (known after apply)
TestTerraformConfluentPlatformExample 2022-07-27T23:30:42Z logger.go:66:                     }
TestTerraformConfluentPlatformExample 2022-07-27T23:30:42Z logger.go:66:                   + prometheus     = {
TestTerraformConfluentPlatformExample 2022-07-27T23:30:42Z logger.go:66:                       + blacklist = (known after apply)
TestTerraformConfluentPlatformExample 2022-07-27T23:30:42Z logger.go:66:                       + rules     = (known after apply)
TestTerraformConfluentPlatformExample 2022-07-27T23:30:42Z logger.go:66:                       + whitelist = (known after apply)
TestTerraformConfluentPlatformExample 2022-07-27T23:30:42Z logger.go:66:                     }
TestTerraformConfluentPlatformExample 2022-07-27T23:30:42Z logger.go:66:                   + tls            = {
TestTerraformConfluentPlatformExample 2022-07-27T23:30:42Z logger.go:66:                       + directoryPathInContainer = (known after apply)
TestTerraformConfluentPlatformExample 2022-07-27T23:30:42Z logger.go:66:                       + enabled                  = (known after apply)
TestTerraformConfluentPlatformExample 2022-07-27T23:30:42Z logger.go:66:                       + ignoreTrustStoreConfig   = (known after apply)
TestTerraformConfluentPlatformExample 2022-07-27T23:30:42Z logger.go:66:                       + jksPassword              = {
TestTerraformConfluentPlatformExample 2022-07-27T23:30:42Z logger.go:66:                           + secretRef = (known after apply)
TestTerraformConfluentPlatformExample 2022-07-27T23:30:42Z logger.go:66:                         }
TestTerraformConfluentPlatformExample 2022-07-27T23:30:42Z logger.go:66:                       + secretRef                = (known after apply)
TestTerraformConfluentPlatformExample 2022-07-27T23:30:42Z logger.go:66:                     }
TestTerraformConfluentPlatformExample 2022-07-27T23:30:42Z logger.go:66:                 }
TestTerraformConfluentPlatformExample 2022-07-27T23:30:42Z logger.go:66:               + mountedSecrets     = (known after apply)
TestTerraformConfluentPlatformExample 2022-07-27T23:30:42Z logger.go:66:               + mountedVolumes     = {
TestTerraformConfluentPlatformExample 2022-07-27T23:30:42Z logger.go:66:                   + volumeMounts = (known after apply)
TestTerraformConfluentPlatformExample 2022-07-27T23:30:42Z logger.go:66:                   + volumes      = (known after apply)
TestTerraformConfluentPlatformExample 2022-07-27T23:30:42Z logger.go:66:                 }
TestTerraformConfluentPlatformExample 2022-07-27T23:30:42Z logger.go:66:               + oneReplicaPerNode  = (known after apply)
TestTerraformConfluentPlatformExample 2022-07-27T23:30:42Z logger.go:66:               + passwordEncoder    = {
TestTerraformConfluentPlatformExample 2022-07-27T23:30:42Z logger.go:66:                   + directoryPathInContainer = (known after apply)
TestTerraformConfluentPlatformExample 2022-07-27T23:30:42Z logger.go:66:                   + secretRef                = (known after apply)
TestTerraformConfluentPlatformExample 2022-07-27T23:30:42Z logger.go:66:                 }
TestTerraformConfluentPlatformExample 2022-07-27T23:30:42Z logger.go:66:               + podTemplate        = {
TestTerraformConfluentPlatformExample 2022-07-27T23:30:42Z logger.go:66:                   + affinity                      = {
TestTerraformConfluentPlatformExample 2022-07-27T23:30:42Z logger.go:66:                       + nodeAffinity    = {
TestTerraformConfluentPlatformExample 2022-07-27T23:30:42Z logger.go:66:                           + preferredDuringSchedulingIgnoredDuringExecution = (known after apply)
TestTerraformConfluentPlatformExample 2022-07-27T23:30:42Z logger.go:66:                           + requiredDuringSchedulingIgnoredDuringExecution  = {
TestTerraformConfluentPlatformExample 2022-07-27T23:30:42Z logger.go:66:                               + nodeSelectorTerms = (known after apply)
TestTerraformConfluentPlatformExample 2022-07-27T23:30:42Z logger.go:66:                             }
TestTerraformConfluentPlatformExample 2022-07-27T23:30:42Z logger.go:66:                         }
TestTerraformConfluentPlatformExample 2022-07-27T23:30:42Z logger.go:66:                       + podAffinity     = {
TestTerraformConfluentPlatformExample 2022-07-27T23:30:42Z logger.go:66:                           + preferredDuringSchedulingIgnoredDuringExecution = (known after apply)
TestTerraformConfluentPlatformExample 2022-07-27T23:30:42Z logger.go:66:                           + requiredDuringSchedulingIgnoredDuringExecution  = (known after apply)
TestTerraformConfluentPlatformExample 2022-07-27T23:30:42Z logger.go:66:                         }
TestTerraformConfluentPlatformExample 2022-07-27T23:30:42Z logger.go:66:                       + podAntiAffinity = {
TestTerraformConfluentPlatformExample 2022-07-27T23:30:42Z logger.go:66:                           + preferredDuringSchedulingIgnoredDuringExecution = (known after apply)
TestTerraformConfluentPlatformExample 2022-07-27T23:30:42Z logger.go:66:                           + requiredDuringSchedulingIgnoredDuringExecution  = (known after apply)
TestTerraformConfluentPlatformExample 2022-07-27T23:30:42Z logger.go:66:                         }
TestTerraformConfluentPlatformExample 2022-07-27T23:30:42Z logger.go:66:                     }
TestTerraformConfluentPlatformExample 2022-07-27T23:30:42Z logger.go:66:                   + annotations                   = (known after apply)
TestTerraformConfluentPlatformExample 2022-07-27T23:30:42Z logger.go:66:                   + envVars                       = (known after apply)
TestTerraformConfluentPlatformExample 2022-07-27T23:30:42Z logger.go:66:                   + labels                        = (known after apply)
TestTerraformConfluentPlatformExample 2022-07-27T23:30:42Z logger.go:66:                   + podSecurityContext            = {
TestTerraformConfluentPlatformExample 2022-07-27T23:30:42Z logger.go:66:                       + fsGroup             = (known after apply)
TestTerraformConfluentPlatformExample 2022-07-27T23:30:42Z logger.go:66:                       + fsGroupChangePolicy = (known after apply)
TestTerraformConfluentPlatformExample 2022-07-27T23:30:42Z logger.go:66:                       + runAsGroup          = (known after apply)
TestTerraformConfluentPlatformExample 2022-07-27T23:30:42Z logger.go:66:                       + runAsNonRoot        = (known after apply)
TestTerraformConfluentPlatformExample 2022-07-27T23:30:42Z logger.go:66:                       + runAsUser           = (known after apply)
TestTerraformConfluentPlatformExample 2022-07-27T23:30:42Z logger.go:66:                       + seLinuxOptions      = {
TestTerraformConfluentPlatformExample 2022-07-27T23:30:42Z logger.go:66:                           + level = (known after apply)
TestTerraformConfluentPlatformExample 2022-07-27T23:30:42Z logger.go:66:                           + role  = (known after apply)
TestTerraformConfluentPlatformExample 2022-07-27T23:30:42Z logger.go:66:                           + type  = (known after apply)
TestTerraformConfluentPlatformExample 2022-07-27T23:30:42Z logger.go:66:                           + user  = (known after apply)
TestTerraformConfluentPlatformExample 2022-07-27T23:30:42Z logger.go:66:                         }
TestTerraformConfluentPlatformExample 2022-07-27T23:30:42Z logger.go:66:                       + seccompProfile      = {
TestTerraformConfluentPlatformExample 2022-07-27T23:30:42Z logger.go:66:                           + localhostProfile = (known after apply)
TestTerraformConfluentPlatformExample 2022-07-27T23:30:42Z logger.go:66:                           + type             = (known after apply)
TestTerraformConfluentPlatformExample 2022-07-27T23:30:42Z logger.go:66:                         }
TestTerraformConfluentPlatformExample 2022-07-27T23:30:42Z logger.go:66:                       + supplementalGroups  = (known after apply)
TestTerraformConfluentPlatformExample 2022-07-27T23:30:42Z logger.go:66:                       + sysctls             = (known after apply)
TestTerraformConfluentPlatformExample 2022-07-27T23:30:42Z logger.go:66:                       + windowsOptions      = {
TestTerraformConfluentPlatformExample 2022-07-27T23:30:42Z logger.go:66:                           + gmsaCredentialSpec     = (known after apply)
TestTerraformConfluentPlatformExample 2022-07-27T23:30:42Z logger.go:66:                           + gmsaCredentialSpecName = (known after apply)
TestTerraformConfluentPlatformExample 2022-07-27T23:30:42Z logger.go:66:                           + hostProcess            = (known after apply)
TestTerraformConfluentPlatformExample 2022-07-27T23:30:42Z logger.go:66:                           + runAsUserName          = (known after apply)
TestTerraformConfluentPlatformExample 2022-07-27T23:30:42Z logger.go:66:                         }
TestTerraformConfluentPlatformExample 2022-07-27T23:30:42Z logger.go:66:                     }
TestTerraformConfluentPlatformExample 2022-07-27T23:30:42Z logger.go:66:                   + priorityClassName             = (known after apply)
TestTerraformConfluentPlatformExample 2022-07-27T23:30:42Z logger.go:66:                   + probe                         = {
TestTerraformConfluentPlatformExample 2022-07-27T23:30:42Z logger.go:66:                       + liveness  = {
TestTerraformConfluentPlatformExample 2022-07-27T23:30:42Z logger.go:66:                           + failureThreshold    = (known after apply)
TestTerraformConfluentPlatformExample 2022-07-27T23:30:42Z logger.go:66:                           + initialDelaySeconds = (known after apply)
TestTerraformConfluentPlatformExample 2022-07-27T23:30:42Z logger.go:66:                           + periodSeconds       = (known after apply)
TestTerraformConfluentPlatformExample 2022-07-27T23:30:42Z logger.go:66:                           + successThreshold    = (known after apply)
TestTerraformConfluentPlatformExample 2022-07-27T23:30:42Z logger.go:66:                           + timeoutSeconds      = (known after apply)
TestTerraformConfluentPlatformExample 2022-07-27T23:30:42Z logger.go:66:                         }
TestTerraformConfluentPlatformExample 2022-07-27T23:30:42Z logger.go:66:                       + readiness = {
TestTerraformConfluentPlatformExample 2022-07-27T23:30:42Z logger.go:66:                           + failureThreshold    = (known after apply)
TestTerraformConfluentPlatformExample 2022-07-27T23:30:42Z logger.go:66:                           + initialDelaySeconds = (known after apply)
TestTerraformConfluentPlatformExample 2022-07-27T23:30:42Z logger.go:66:                           + periodSeconds       = (known after apply)
TestTerraformConfluentPlatformExample 2022-07-27T23:30:42Z logger.go:66:                           + successThreshold    = (known after apply)
TestTerraformConfluentPlatformExample 2022-07-27T23:30:42Z logger.go:66:                           + timeoutSeconds      = (known after apply)
TestTerraformConfluentPlatformExample 2022-07-27T23:30:42Z logger.go:66:                         }
TestTerraformConfluentPlatformExample 2022-07-27T23:30:42Z logger.go:66:                     }
TestTerraformConfluentPlatformExample 2022-07-27T23:30:42Z logger.go:66:                   + resources                     = {
TestTerraformConfluentPlatformExample 2022-07-27T23:30:42Z logger.go:66:                       + limits   = (known after apply)
TestTerraformConfluentPlatformExample 2022-07-27T23:30:42Z logger.go:66:                       + requests = (known after apply)
TestTerraformConfluentPlatformExample 2022-07-27T23:30:42Z logger.go:66:                     }
TestTerraformConfluentPlatformExample 2022-07-27T23:30:42Z logger.go:66:                   + securityContext               = {
TestTerraformConfluentPlatformExample 2022-07-27T23:30:42Z logger.go:66:                       + allowPrivilegeEscalation = (known after apply)
TestTerraformConfluentPlatformExample 2022-07-27T23:30:42Z logger.go:66:                       + capabilities             = {
TestTerraformConfluentPlatformExample 2022-07-27T23:30:42Z logger.go:66:                           + add  = (known after apply)
TestTerraformConfluentPlatformExample 2022-07-27T23:30:42Z logger.go:66:                           + drop = (known after apply)
TestTerraformConfluentPlatformExample 2022-07-27T23:30:42Z logger.go:66:                         }
TestTerraformConfluentPlatformExample 2022-07-27T23:30:42Z logger.go:66:                       + privileged               = (known after apply)
TestTerraformConfluentPlatformExample 2022-07-27T23:30:42Z logger.go:66:                       + procMount                = (known after apply)
TestTerraformConfluentPlatformExample 2022-07-27T23:30:42Z logger.go:66:                       + readOnlyRootFilesystem   = (known after apply)
TestTerraformConfluentPlatformExample 2022-07-27T23:30:42Z logger.go:66:                       + runAsGroup               = (known after apply)
TestTerraformConfluentPlatformExample 2022-07-27T23:30:42Z logger.go:66:                       + runAsNonRoot             = (known after apply)
TestTerraformConfluentPlatformExample 2022-07-27T23:30:42Z logger.go:66:                       + runAsUser                = (known after apply)
TestTerraformConfluentPlatformExample 2022-07-27T23:30:42Z logger.go:66:                       + seLinuxOptions           = {
TestTerraformConfluentPlatformExample 2022-07-27T23:30:42Z logger.go:66:                           + level = (known after apply)
TestTerraformConfluentPlatformExample 2022-07-27T23:30:42Z logger.go:66:                           + role  = (known after apply)
TestTerraformConfluentPlatformExample 2022-07-27T23:30:42Z logger.go:66:                           + type  = (known after apply)
TestTerraformConfluentPlatformExample 2022-07-27T23:30:42Z logger.go:66:                           + user  = (known after apply)
TestTerraformConfluentPlatformExample 2022-07-27T23:30:42Z logger.go:66:                         }
TestTerraformConfluentPlatformExample 2022-07-27T23:30:42Z logger.go:66:                       + seccompProfile           = {
TestTerraformConfluentPlatformExample 2022-07-27T23:30:42Z logger.go:66:                           + localhostProfile = (known after apply)
TestTerraformConfluentPlatformExample 2022-07-27T23:30:42Z logger.go:66:                           + type             = (known after apply)
TestTerraformConfluentPlatformExample 2022-07-27T23:30:42Z logger.go:66:                         }
TestTerraformConfluentPlatformExample 2022-07-27T23:30:42Z logger.go:66:                       + windowsOptions           = {
TestTerraformConfluentPlatformExample 2022-07-27T23:30:42Z logger.go:66:                           + gmsaCredentialSpec     = (known after apply)
TestTerraformConfluentPlatformExample 2022-07-27T23:30:42Z logger.go:66:                           + gmsaCredentialSpecName = (known after apply)
TestTerraformConfluentPlatformExample 2022-07-27T23:30:42Z logger.go:66:                           + hostProcess            = (known after apply)
TestTerraformConfluentPlatformExample 2022-07-27T23:30:42Z logger.go:66:                           + runAsUserName          = (known after apply)
TestTerraformConfluentPlatformExample 2022-07-27T23:30:42Z logger.go:66:                         }
TestTerraformConfluentPlatformExample 2022-07-27T23:30:42Z logger.go:66:                     }
TestTerraformConfluentPlatformExample 2022-07-27T23:30:42Z logger.go:66:                   + serviceAccountName            = (known after apply)
TestTerraformConfluentPlatformExample 2022-07-27T23:30:42Z logger.go:66:                   + terminationGracePeriodSeconds = (known after apply)
TestTerraformConfluentPlatformExample 2022-07-27T23:30:42Z logger.go:66:                   + tolerations                   = (known after apply)
TestTerraformConfluentPlatformExample 2022-07-27T23:30:42Z logger.go:66:                   + topologySpreadConstraints     = (known after apply)
TestTerraformConfluentPlatformExample 2022-07-27T23:30:42Z logger.go:66:                 }
TestTerraformConfluentPlatformExample 2022-07-27T23:30:42Z logger.go:66:               + rackAssignment     = {
TestTerraformConfluentPlatformExample 2022-07-27T23:30:42Z logger.go:66:                   + availabilityZoneCount = (known after apply)
TestTerraformConfluentPlatformExample 2022-07-27T23:30:42Z logger.go:66:                   + nodeLabels            = (known after apply)
TestTerraformConfluentPlatformExample 2022-07-27T23:30:42Z logger.go:66:                 }
TestTerraformConfluentPlatformExample 2022-07-27T23:30:42Z logger.go:66:               + replicas           = 3
TestTerraformConfluentPlatformExample 2022-07-27T23:30:42Z logger.go:66:               + services           = {
TestTerraformConfluentPlatformExample 2022-07-27T23:30:42Z logger.go:66:                   + kafkaRest = {
TestTerraformConfluentPlatformExample 2022-07-27T23:30:42Z logger.go:66:                       + authentication = {
TestTerraformConfluentPlatformExample 2022-07-27T23:30:42Z logger.go:66:                           + basic = {
TestTerraformConfluentPlatformExample 2022-07-27T23:30:42Z logger.go:66:                               + debug                    = (known after apply)
TestTerraformConfluentPlatformExample 2022-07-27T23:30:42Z logger.go:66:                               + directoryPathInContainer = (known after apply)
TestTerraformConfluentPlatformExample 2022-07-27T23:30:42Z logger.go:66:                               + restrictedRoles          = (known after apply)
TestTerraformConfluentPlatformExample 2022-07-27T23:30:42Z logger.go:66:                               + roles                    = (known after apply)
TestTerraformConfluentPlatformExample 2022-07-27T23:30:42Z logger.go:66:                               + secretRef                = (known after apply)
TestTerraformConfluentPlatformExample 2022-07-27T23:30:42Z logger.go:66:                             }
TestTerraformConfluentPlatformExample 2022-07-27T23:30:42Z logger.go:66:                           + type  = (known after apply)
TestTerraformConfluentPlatformExample 2022-07-27T23:30:42Z logger.go:66:                         }
TestTerraformConfluentPlatformExample 2022-07-27T23:30:42Z logger.go:66:                       + externalAccess = {
TestTerraformConfluentPlatformExample 2022-07-27T23:30:42Z logger.go:66:                           + loadBalancer = {
TestTerraformConfluentPlatformExample 2022-07-27T23:30:42Z logger.go:66:                               + advertisedURL            = {
TestTerraformConfluentPlatformExample 2022-07-27T23:30:42Z logger.go:66:                                   + enabled = (known after apply)
TestTerraformConfluentPlatformExample 2022-07-27T23:30:42Z logger.go:66:                                   + prefix  = (known after apply)
TestTerraformConfluentPlatformExample 2022-07-27T23:30:42Z logger.go:66:                                 }
TestTerraformConfluentPlatformExample 2022-07-27T23:30:42Z logger.go:66:                               + annotations              = (known after apply)
TestTerraformConfluentPlatformExample 2022-07-27T23:30:42Z logger.go:66:                               + domain                   = (known after apply)
TestTerraformConfluentPlatformExample 2022-07-27T23:30:42Z logger.go:66:                               + externalTrafficPolicy    = (known after apply)
TestTerraformConfluentPlatformExample 2022-07-27T23:30:42Z logger.go:66:                               + labels                   = (known after apply)
TestTerraformConfluentPlatformExample 2022-07-27T23:30:42Z logger.go:66:                               + loadBalancerSourceRanges = (known after apply)
TestTerraformConfluentPlatformExample 2022-07-27T23:30:42Z logger.go:66:                               + port                     = (known after apply)
TestTerraformConfluentPlatformExample 2022-07-27T23:30:42Z logger.go:66:                               + prefix                   = (known after apply)
TestTerraformConfluentPlatformExample 2022-07-27T23:30:42Z logger.go:66:                               + servicePorts             = (known after apply)
TestTerraformConfluentPlatformExample 2022-07-27T23:30:42Z logger.go:66:                               + sessionAffinity          = (known after apply)
TestTerraformConfluentPlatformExample 2022-07-27T23:30:42Z logger.go:66:                               + sessionAffinityConfig    = {
TestTerraformConfluentPlatformExample 2022-07-27T23:30:42Z logger.go:66:                                   + clientIP = {
TestTerraformConfluentPlatformExample 2022-07-27T23:30:42Z logger.go:66:                                       + timeoutSeconds = (known after apply)
TestTerraformConfluentPlatformExample 2022-07-27T23:30:42Z logger.go:66:                                     }
TestTerraformConfluentPlatformExample 2022-07-27T23:30:42Z logger.go:66:                                 }
TestTerraformConfluentPlatformExample 2022-07-27T23:30:42Z logger.go:66:                             }
TestTerraformConfluentPlatformExample 2022-07-27T23:30:42Z logger.go:66:                           + nodePort     = {
TestTerraformConfluentPlatformExample 2022-07-27T23:30:42Z logger.go:66:                               + advertisedURL         = {
TestTerraformConfluentPlatformExample 2022-07-27T23:30:42Z logger.go:66:                                   + enabled = (known after apply)
TestTerraformConfluentPlatformExample 2022-07-27T23:30:42Z logger.go:66:                                   + prefix  = (known after apply)
TestTerraformConfluentPlatformExample 2022-07-27T23:30:42Z logger.go:66:                                 }
TestTerraformConfluentPlatformExample 2022-07-27T23:30:42Z logger.go:66:                               + annotations           = (known after apply)
TestTerraformConfluentPlatformExample 2022-07-27T23:30:42Z logger.go:66:                               + externalTrafficPolicy = (known after apply)
TestTerraformConfluentPlatformExample 2022-07-27T23:30:42Z logger.go:66:                               + host                  = (known after apply)
TestTerraformConfluentPlatformExample 2022-07-27T23:30:42Z logger.go:66:                               + labels                = (known after apply)
TestTerraformConfluentPlatformExample 2022-07-27T23:30:42Z logger.go:66:                               + nodePortOffset        = (known after apply)
TestTerraformConfluentPlatformExample 2022-07-27T23:30:42Z logger.go:66:                               + servicePorts          = (known after apply)
TestTerraformConfluentPlatformExample 2022-07-27T23:30:42Z logger.go:66:                               + sessionAffinity       = (known after apply)
TestTerraformConfluentPlatformExample 2022-07-27T23:30:42Z logger.go:66:                               + sessionAffinityConfig = {
TestTerraformConfluentPlatformExample 2022-07-27T23:30:42Z logger.go:66:                                   + clientIP = {
TestTerraformConfluentPlatformExample 2022-07-27T23:30:42Z logger.go:66:                                       + timeoutSeconds = (known after apply)
TestTerraformConfluentPlatformExample 2022-07-27T23:30:42Z logger.go:66:                                     }
TestTerraformConfluentPlatformExample 2022-07-27T23:30:42Z logger.go:66:                                 }
TestTerraformConfluentPlatformExample 2022-07-27T23:30:42Z logger.go:66:                             }
TestTerraformConfluentPlatformExample 2022-07-27T23:30:42Z logger.go:66:                           + route        = {
TestTerraformConfluentPlatformExample 2022-07-27T23:30:42Z logger.go:66:                               + annotations    = (known after apply)
TestTerraformConfluentPlatformExample 2022-07-27T23:30:42Z logger.go:66:                               + domain         = (known after apply)
TestTerraformConfluentPlatformExample 2022-07-27T23:30:42Z logger.go:66:                               + labels         = (known after apply)
TestTerraformConfluentPlatformExample 2022-07-27T23:30:42Z logger.go:66:                               + prefix         = (known after apply)
TestTerraformConfluentPlatformExample 2022-07-27T23:30:42Z logger.go:66:                               + wildcardPolicy = (known after apply)
TestTerraformConfluentPlatformExample 2022-07-27T23:30:42Z logger.go:66:                             }
TestTerraformConfluentPlatformExample 2022-07-27T23:30:42Z logger.go:66:                           + type         = (known after apply)
TestTerraformConfluentPlatformExample 2022-07-27T23:30:42Z logger.go:66:                         }
TestTerraformConfluentPlatformExample 2022-07-27T23:30:42Z logger.go:66:                       + tls            = {
TestTerraformConfluentPlatformExample 2022-07-27T23:30:42Z logger.go:66:                           + directoryPathInContainer = (known after apply)
TestTerraformConfluentPlatformExample 2022-07-27T23:30:42Z logger.go:66:                           + enabled                  = (known after apply)
TestTerraformConfluentPlatformExample 2022-07-27T23:30:42Z logger.go:66:                           + ignoreTrustStoreConfig   = (known after apply)
TestTerraformConfluentPlatformExample 2022-07-27T23:30:42Z logger.go:66:                           + jksPassword              = {
TestTerraformConfluentPlatformExample 2022-07-27T23:30:42Z logger.go:66:                               + secretRef = (known after apply)
TestTerraformConfluentPlatformExample 2022-07-27T23:30:42Z logger.go:66:                             }
TestTerraformConfluentPlatformExample 2022-07-27T23:30:42Z logger.go:66:                           + secretRef                = (known after apply)
TestTerraformConfluentPlatformExample 2022-07-27T23:30:42Z logger.go:66:                         }
TestTerraformConfluentPlatformExample 2022-07-27T23:30:42Z logger.go:66:                     }
TestTerraformConfluentPlatformExample 2022-07-27T23:30:42Z logger.go:66:                   + mds       = {
TestTerraformConfluentPlatformExample 2022-07-27T23:30:42Z logger.go:66:                       + authentication = {
TestTerraformConfluentPlatformExample 2022-07-27T23:30:42Z logger.go:66:                           + type = (known after apply)
TestTerraformConfluentPlatformExample 2022-07-27T23:30:42Z logger.go:66:                         }
TestTerraformConfluentPlatformExample 2022-07-27T23:30:42Z logger.go:66:                       + externalAccess = {
TestTerraformConfluentPlatformExample 2022-07-27T23:30:42Z logger.go:66:                           + loadBalancer = {
TestTerraformConfluentPlatformExample 2022-07-27T23:30:42Z logger.go:66:                               + advertisedURL            = {
TestTerraformConfluentPlatformExample 2022-07-27T23:30:42Z logger.go:66:                                   + enabled = (known after apply)
TestTerraformConfluentPlatformExample 2022-07-27T23:30:42Z logger.go:66:                                   + prefix  = (known after apply)
TestTerraformConfluentPlatformExample 2022-07-27T23:30:42Z logger.go:66:                                 }
TestTerraformConfluentPlatformExample 2022-07-27T23:30:42Z logger.go:66:                               + annotations              = (known after apply)
TestTerraformConfluentPlatformExample 2022-07-27T23:30:42Z logger.go:66:                               + domain                   = (known after apply)
TestTerraformConfluentPlatformExample 2022-07-27T23:30:42Z logger.go:66:                               + externalTrafficPolicy    = (known after apply)
TestTerraformConfluentPlatformExample 2022-07-27T23:30:42Z logger.go:66:                               + labels                   = (known after apply)
TestTerraformConfluentPlatformExample 2022-07-27T23:30:42Z logger.go:66:                               + loadBalancerSourceRanges = (known after apply)
TestTerraformConfluentPlatformExample 2022-07-27T23:30:42Z logger.go:66:                               + port                     = (known after apply)
TestTerraformConfluentPlatformExample 2022-07-27T23:30:42Z logger.go:66:                               + prefix                   = (known after apply)
TestTerraformConfluentPlatformExample 2022-07-27T23:30:42Z logger.go:66:                               + servicePorts             = (known after apply)
TestTerraformConfluentPlatformExample 2022-07-27T23:30:42Z logger.go:66:                               + sessionAffinity          = (known after apply)
TestTerraformConfluentPlatformExample 2022-07-27T23:30:42Z logger.go:66:                               + sessionAffinityConfig    = {
TestTerraformConfluentPlatformExample 2022-07-27T23:30:42Z logger.go:66:                                   + clientIP = {
TestTerraformConfluentPlatformExample 2022-07-27T23:30:42Z logger.go:66:                                       + timeoutSeconds = (known after apply)
TestTerraformConfluentPlatformExample 2022-07-27T23:30:42Z logger.go:66:                                     }
TestTerraformConfluentPlatformExample 2022-07-27T23:30:42Z logger.go:66:                                 }
TestTerraformConfluentPlatformExample 2022-07-27T23:30:42Z logger.go:66:                             }
TestTerraformConfluentPlatformExample 2022-07-27T23:30:42Z logger.go:66:                           + nodePort     = {
TestTerraformConfluentPlatformExample 2022-07-27T23:30:42Z logger.go:66:                               + advertisedURL         = {
TestTerraformConfluentPlatformExample 2022-07-27T23:30:42Z logger.go:66:                                   + enabled = (known after apply)
TestTerraformConfluentPlatformExample 2022-07-27T23:30:42Z logger.go:66:                                   + prefix  = (known after apply)
TestTerraformConfluentPlatformExample 2022-07-27T23:30:42Z logger.go:66:                                 }
TestTerraformConfluentPlatformExample 2022-07-27T23:30:42Z logger.go:66:                               + annotations           = (known after apply)
TestTerraformConfluentPlatformExample 2022-07-27T23:30:42Z logger.go:66:                               + externalTrafficPolicy = (known after apply)
TestTerraformConfluentPlatformExample 2022-07-27T23:30:42Z logger.go:66:                               + host                  = (known after apply)
TestTerraformConfluentPlatformExample 2022-07-27T23:30:42Z logger.go:66:                               + labels                = (known after apply)
TestTerraformConfluentPlatformExample 2022-07-27T23:30:42Z logger.go:66:                               + nodePortOffset        = (known after apply)
TestTerraformConfluentPlatformExample 2022-07-27T23:30:42Z logger.go:66:                               + servicePorts          = (known after apply)
TestTerraformConfluentPlatformExample 2022-07-27T23:30:42Z logger.go:66:                               + sessionAffinity       = (known after apply)
TestTerraformConfluentPlatformExample 2022-07-27T23:30:42Z logger.go:66:                               + sessionAffinityConfig = {
TestTerraformConfluentPlatformExample 2022-07-27T23:30:42Z logger.go:66:                                   + clientIP = {
TestTerraformConfluentPlatformExample 2022-07-27T23:30:42Z logger.go:66:                                       + timeoutSeconds = (known after apply)
TestTerraformConfluentPlatformExample 2022-07-27T23:30:42Z logger.go:66:                                     }
TestTerraformConfluentPlatformExample 2022-07-27T23:30:42Z logger.go:66:                                 }
TestTerraformConfluentPlatformExample 2022-07-27T23:30:42Z logger.go:66:                             }
TestTerraformConfluentPlatformExample 2022-07-27T23:30:42Z logger.go:66:                           + route        = {
TestTerraformConfluentPlatformExample 2022-07-27T23:30:42Z logger.go:66:                               + annotations    = (known after apply)
TestTerraformConfluentPlatformExample 2022-07-27T23:30:42Z logger.go:66:                               + domain         = (known after apply)
TestTerraformConfluentPlatformExample 2022-07-27T23:30:42Z logger.go:66:                               + labels         = (known after apply)
TestTerraformConfluentPlatformExample 2022-07-27T23:30:42Z logger.go:66:                               + prefix         = (known after apply)
TestTerraformConfluentPlatformExample 2022-07-27T23:30:42Z logger.go:66:                               + wildcardPolicy = (known after apply)
TestTerraformConfluentPlatformExample 2022-07-27T23:30:42Z logger.go:66:                             }
TestTerraformConfluentPlatformExample 2022-07-27T23:30:42Z logger.go:66:                           + type         = (known after apply)
TestTerraformConfluentPlatformExample 2022-07-27T23:30:42Z logger.go:66:                         }
TestTerraformConfluentPlatformExample 2022-07-27T23:30:42Z logger.go:66:                       + provider       = {
TestTerraformConfluentPlatformExample 2022-07-27T23:30:42Z logger.go:66:                           + ldap = {
TestTerraformConfluentPlatformExample 2022-07-27T23:30:42Z logger.go:66:                               + address        = (known after apply)
TestTerraformConfluentPlatformExample 2022-07-27T23:30:42Z logger.go:66:                               + authentication = {
TestTerraformConfluentPlatformExample 2022-07-27T23:30:42Z logger.go:66:                                   + simple = {
TestTerraformConfluentPlatformExample 2022-07-27T23:30:42Z logger.go:66:                                       + directoryPathInContainer = (known after apply)
TestTerraformConfluentPlatformExample 2022-07-27T23:30:42Z logger.go:66:                                       + secretRef                = (known after apply)
TestTerraformConfluentPlatformExample 2022-07-27T23:30:42Z logger.go:66:                                     }
TestTerraformConfluentPlatformExample 2022-07-27T23:30:42Z logger.go:66:                                   + type   = (known after apply)
TestTerraformConfluentPlatformExample 2022-07-27T23:30:42Z logger.go:66:                                 }
TestTerraformConfluentPlatformExample 2022-07-27T23:30:42Z logger.go:66:                               + configurations = {
TestTerraformConfluentPlatformExample 2022-07-27T23:30:42Z logger.go:66:                                   + groupMemberAttribute         = (known after apply)
TestTerraformConfluentPlatformExample 2022-07-27T23:30:42Z logger.go:66:                                   + groupMemberAttributePattern  = (known after apply)
TestTerraformConfluentPlatformExample 2022-07-27T23:30:42Z logger.go:66:                                   + groupNameAttribute           = (known after apply)
TestTerraformConfluentPlatformExample 2022-07-27T23:30:42Z logger.go:66:                                   + groupObjectClass             = (known after apply)
TestTerraformConfluentPlatformExample 2022-07-27T23:30:42Z logger.go:66:                                   + groupSearchBase              = (known after apply)
TestTerraformConfluentPlatformExample 2022-07-27T23:30:42Z logger.go:66:                                   + groupSearchFilter            = (known after apply)
TestTerraformConfluentPlatformExample 2022-07-27T23:30:42Z logger.go:66:                                   + groupSearchScope             = (known after apply)
TestTerraformConfluentPlatformExample 2022-07-27T23:30:42Z logger.go:66:                                   + userMemberOfAttributePattern = (known after apply)
TestTerraformConfluentPlatformExample 2022-07-27T23:30:42Z logger.go:66:                                   + userNameAttribute            = (known after apply)
TestTerraformConfluentPlatformExample 2022-07-27T23:30:42Z logger.go:66:                                   + userObjectClass              = (known after apply)
TestTerraformConfluentPlatformExample 2022-07-27T23:30:42Z logger.go:66:                                   + userSearchBase               = (known after apply)
TestTerraformConfluentPlatformExample 2022-07-27T23:30:42Z logger.go:66:                                   + userSearchFilter             = (known after apply)
TestTerraformConfluentPlatformExample 2022-07-27T23:30:42Z logger.go:66:                                   + userSearchScope              = (known after apply)
TestTerraformConfluentPlatformExample 2022-07-27T23:30:42Z logger.go:66:                                 }
TestTerraformConfluentPlatformExample 2022-07-27T23:30:42Z logger.go:66:                               + tls            = {
TestTerraformConfluentPlatformExample 2022-07-27T23:30:42Z logger.go:66:                                   + directoryPathInContainer = (known after apply)
TestTerraformConfluentPlatformExample 2022-07-27T23:30:42Z logger.go:66:                                   + enabled                  = (known after apply)
TestTerraformConfluentPlatformExample 2022-07-27T23:30:42Z logger.go:66:                                   + ignoreTrustStoreConfig   = (known after apply)
TestTerraformConfluentPlatformExample 2022-07-27T23:30:42Z logger.go:66:                                   + jksPassword              = {
TestTerraformConfluentPlatformExample 2022-07-27T23:30:42Z logger.go:66:                                       + secretRef = (known after apply)
TestTerraformConfluentPlatformExample 2022-07-27T23:30:42Z logger.go:66:                                     }
TestTerraformConfluentPlatformExample 2022-07-27T23:30:42Z logger.go:66:                                   + secretRef                = (known after apply)
TestTerraformConfluentPlatformExample 2022-07-27T23:30:42Z logger.go:66:                                 }
TestTerraformConfluentPlatformExample 2022-07-27T23:30:42Z logger.go:66:                             }
TestTerraformConfluentPlatformExample 2022-07-27T23:30:42Z logger.go:66:                           + type = (known after apply)
TestTerraformConfluentPlatformExample 2022-07-27T23:30:42Z logger.go:66:                         }
TestTerraformConfluentPlatformExample 2022-07-27T23:30:42Z logger.go:66:                       + tls            = {
TestTerraformConfluentPlatformExample 2022-07-27T23:30:42Z logger.go:66:                           + directoryPathInContainer = (known after apply)
TestTerraformConfluentPlatformExample 2022-07-27T23:30:42Z logger.go:66:                           + enabled                  = (known after apply)
TestTerraformConfluentPlatformExample 2022-07-27T23:30:42Z logger.go:66:                           + ignoreTrustStoreConfig   = (known after apply)
TestTerraformConfluentPlatformExample 2022-07-27T23:30:42Z logger.go:66:                           + jksPassword              = {
TestTerraformConfluentPlatformExample 2022-07-27T23:30:42Z logger.go:66:                               + secretRef = (known after apply)
TestTerraformConfluentPlatformExample 2022-07-27T23:30:42Z logger.go:66:                             }
TestTerraformConfluentPlatformExample 2022-07-27T23:30:42Z logger.go:66:                           + secretRef                = (known after apply)
TestTerraformConfluentPlatformExample 2022-07-27T23:30:42Z logger.go:66:                         }
TestTerraformConfluentPlatformExample 2022-07-27T23:30:42Z logger.go:66:                       + tokenKeyPair   = {
TestTerraformConfluentPlatformExample 2022-07-27T23:30:42Z logger.go:66:                           + directoryPathInContainer = (known after apply)
TestTerraformConfluentPlatformExample 2022-07-27T23:30:42Z logger.go:66:                           + secretRef                = (known after apply)
TestTerraformConfluentPlatformExample 2022-07-27T23:30:42Z logger.go:66:                         }
TestTerraformConfluentPlatformExample 2022-07-27T23:30:42Z logger.go:66:                     }
TestTerraformConfluentPlatformExample 2022-07-27T23:30:42Z logger.go:66:                 }
TestTerraformConfluentPlatformExample 2022-07-27T23:30:42Z logger.go:66:               + storageClass       = {
TestTerraformConfluentPlatformExample 2022-07-27T23:30:42Z logger.go:66:                   + name = (known after apply)
TestTerraformConfluentPlatformExample 2022-07-27T23:30:42Z logger.go:66:                 }
TestTerraformConfluentPlatformExample 2022-07-27T23:30:42Z logger.go:66:               + telemetry          = {
TestTerraformConfluentPlatformExample 2022-07-27T23:30:42Z logger.go:66:                   + global = (known after apply)
TestTerraformConfluentPlatformExample 2022-07-27T23:30:42Z logger.go:66:                 }
TestTerraformConfluentPlatformExample 2022-07-27T23:30:42Z logger.go:66:               + tls                = {
TestTerraformConfluentPlatformExample 2022-07-27T23:30:42Z logger.go:66:                   + autoGeneratedCerts       = (known after apply)
TestTerraformConfluentPlatformExample 2022-07-27T23:30:42Z logger.go:66:                   + directoryPathInContainer = (known after apply)
TestTerraformConfluentPlatformExample 2022-07-27T23:30:42Z logger.go:66:                   + ignoreTrustStoreConfig   = (known after apply)
TestTerraformConfluentPlatformExample 2022-07-27T23:30:42Z logger.go:66:                   + jksPassword              = {
TestTerraformConfluentPlatformExample 2022-07-27T23:30:42Z logger.go:66:                       + secretRef = (known after apply)
TestTerraformConfluentPlatformExample 2022-07-27T23:30:42Z logger.go:66:                     }
TestTerraformConfluentPlatformExample 2022-07-27T23:30:42Z logger.go:66:                   + secretRef                = (known after apply)
TestTerraformConfluentPlatformExample 2022-07-27T23:30:42Z logger.go:66:                 }
TestTerraformConfluentPlatformExample 2022-07-27T23:30:42Z logger.go:66:             }
TestTerraformConfluentPlatformExample 2022-07-27T23:30:42Z logger.go:66:         }
TestTerraformConfluentPlatformExample 2022-07-27T23:30:42Z logger.go:66:
TestTerraformConfluentPlatformExample 2022-07-27T23:30:42Z logger.go:66:       + timeouts {
TestTerraformConfluentPlatformExample 2022-07-27T23:30:42Z logger.go:66:           + create = "1h"
TestTerraformConfluentPlatformExample 2022-07-27T23:30:42Z logger.go:66:           + delete = "5m"
TestTerraformConfluentPlatformExample 2022-07-27T23:30:42Z logger.go:66:           + update = "1h"
TestTerraformConfluentPlatformExample 2022-07-27T23:30:42Z logger.go:66:         }
TestTerraformConfluentPlatformExample 2022-07-27T23:30:42Z logger.go:66:
TestTerraformConfluentPlatformExample 2022-07-27T23:30:42Z logger.go:66:       + wait {
TestTerraformConfluentPlatformExample 2022-07-27T23:30:42Z logger.go:66:           + fields = {
TestTerraformConfluentPlatformExample 2022-07-27T23:30:42Z logger.go:66:               + "status.phase" = "RUNNING"
TestTerraformConfluentPlatformExample 2022-07-27T23:30:42Z logger.go:66:             }
TestTerraformConfluentPlatformExample 2022-07-27T23:30:42Z logger.go:66:         }
TestTerraformConfluentPlatformExample 2022-07-27T23:30:42Z logger.go:66:     }
TestTerraformConfluentPlatformExample 2022-07-27T23:30:42Z logger.go:66:
TestTerraformConfluentPlatformExample 2022-07-27T23:30:42Z logger.go:66:   # module.confluent_platform.kubernetes_manifest.kafkarestproxy[0] will be created
TestTerraformConfluentPlatformExample 2022-07-27T23:30:42Z logger.go:66:   + resource "kubernetes_manifest" "kafkarestproxy" {
TestTerraformConfluentPlatformExample 2022-07-27T23:30:42Z logger.go:66:       + computed_fields = [
TestTerraformConfluentPlatformExample 2022-07-27T23:30:42Z logger.go:66:           + "metadata.finalizers",
TestTerraformConfluentPlatformExample 2022-07-27T23:30:42Z logger.go:66:         ]
TestTerraformConfluentPlatformExample 2022-07-27T23:30:42Z logger.go:66:       + manifest        = {
TestTerraformConfluentPlatformExample 2022-07-27T23:30:42Z logger.go:66:           + apiVersion = "platform.confluent.io/v1beta1"
TestTerraformConfluentPlatformExample 2022-07-27T23:30:42Z logger.go:66:           + kind       = "KafkaRestProxy"
TestTerraformConfluentPlatformExample 2022-07-27T23:30:42Z logger.go:66:           + metadata   = {
TestTerraformConfluentPlatformExample 2022-07-27T23:30:42Z logger.go:66:               + name      = "kafkarestproxy"
TestTerraformConfluentPlatformExample 2022-07-27T23:30:42Z logger.go:66:               + namespace = "confluent"
TestTerraformConfluentPlatformExample 2022-07-27T23:30:42Z logger.go:66:             }
TestTerraformConfluentPlatformExample 2022-07-27T23:30:42Z logger.go:66:           + spec       = {
TestTerraformConfluentPlatformExample 2022-07-27T23:30:42Z logger.go:66:               + dependencies = {
TestTerraformConfluentPlatformExample 2022-07-27T23:30:42Z logger.go:66:                   + schemaRegistry = {
TestTerraformConfluentPlatformExample 2022-07-27T23:30:42Z logger.go:66:                       + url = "http://schemaregistry.confluent.svc.cluster.local:8081"
TestTerraformConfluentPlatformExample 2022-07-27T23:30:42Z logger.go:66:                     }
TestTerraformConfluentPlatformExample 2022-07-27T23:30:42Z logger.go:66:                 }
TestTerraformConfluentPlatformExample 2022-07-27T23:30:42Z logger.go:66:               + image        = {
TestTerraformConfluentPlatformExample 2022-07-27T23:30:42Z logger.go:66:                   + application = "confluentinc/cp-kafka-rest:7.2.0"
TestTerraformConfluentPlatformExample 2022-07-27T23:30:42Z logger.go:66:                   + init        = "confluentinc/confluent-init-container:2.4.0"
TestTerraformConfluentPlatformExample 2022-07-27T23:30:42Z logger.go:66:                 }
TestTerraformConfluentPlatformExample 2022-07-27T23:30:42Z logger.go:66:               + replicas     = 1
TestTerraformConfluentPlatformExample 2022-07-27T23:30:42Z logger.go:66:             }
TestTerraformConfluentPlatformExample 2022-07-27T23:30:42Z logger.go:66:         }
TestTerraformConfluentPlatformExample 2022-07-27T23:30:42Z logger.go:66:       + object          = {
TestTerraformConfluentPlatformExample 2022-07-27T23:30:42Z logger.go:66:           + apiVersion = "platform.confluent.io/v1beta1"
TestTerraformConfluentPlatformExample 2022-07-27T23:30:42Z logger.go:66:           + kind       = "KafkaRestProxy"
TestTerraformConfluentPlatformExample 2022-07-27T23:30:42Z logger.go:66:           + metadata   = {
TestTerraformConfluentPlatformExample 2022-07-27T23:30:42Z logger.go:66:               + annotations                = (known after apply)
TestTerraformConfluentPlatformExample 2022-07-27T23:30:42Z logger.go:66:               + clusterName                = (known after apply)
TestTerraformConfluentPlatformExample 2022-07-27T23:30:42Z logger.go:66:               + creationTimestamp          = (known after apply)
TestTerraformConfluentPlatformExample 2022-07-27T23:30:42Z logger.go:66:               + deletionGracePeriodSeconds = (known after apply)
TestTerraformConfluentPlatformExample 2022-07-27T23:30:42Z logger.go:66:               + deletionTimestamp          = (known after apply)
TestTerraformConfluentPlatformExample 2022-07-27T23:30:42Z logger.go:66:               + finalizers                 = (known after apply)
TestTerraformConfluentPlatformExample 2022-07-27T23:30:42Z logger.go:66:               + generateName               = (known after apply)
TestTerraformConfluentPlatformExample 2022-07-27T23:30:42Z logger.go:66:               + generation                 = (known after apply)
TestTerraformConfluentPlatformExample 2022-07-27T23:30:42Z logger.go:66:               + labels                     = (known after apply)
TestTerraformConfluentPlatformExample 2022-07-27T23:30:42Z logger.go:66:               + managedFields              = (known after apply)
TestTerraformConfluentPlatformExample 2022-07-27T23:30:42Z logger.go:66:               + name                       = "kafkarestproxy"
TestTerraformConfluentPlatformExample 2022-07-27T23:30:42Z logger.go:66:               + namespace                  = "confluent"
TestTerraformConfluentPlatformExample 2022-07-27T23:30:42Z logger.go:66:               + ownerReferences            = (known after apply)
TestTerraformConfluentPlatformExample 2022-07-27T23:30:42Z logger.go:66:               + resourceVersion            = (known after apply)
TestTerraformConfluentPlatformExample 2022-07-27T23:30:42Z logger.go:66:               + selfLink                   = (known after apply)
TestTerraformConfluentPlatformExample 2022-07-27T23:30:42Z logger.go:66:               + uid                        = (known after apply)
TestTerraformConfluentPlatformExample 2022-07-27T23:30:42Z logger.go:66:             }
TestTerraformConfluentPlatformExample 2022-07-27T23:30:42Z logger.go:66:           + spec       = {
TestTerraformConfluentPlatformExample 2022-07-27T23:30:42Z logger.go:66:               + authentication    = {
TestTerraformConfluentPlatformExample 2022-07-27T23:30:42Z logger.go:66:                   + basic = {
TestTerraformConfluentPlatformExample 2022-07-27T23:30:42Z logger.go:66:                       + debug                    = (known after apply)
TestTerraformConfluentPlatformExample 2022-07-27T23:30:42Z logger.go:66:                       + directoryPathInContainer = (known after apply)
TestTerraformConfluentPlatformExample 2022-07-27T23:30:42Z logger.go:66:                       + restrictedRoles          = (known after apply)
TestTerraformConfluentPlatformExample 2022-07-27T23:30:42Z logger.go:66:                       + roles                    = (known after apply)
TestTerraformConfluentPlatformExample 2022-07-27T23:30:42Z logger.go:66:                       + secretRef                = (known after apply)
TestTerraformConfluentPlatformExample 2022-07-27T23:30:42Z logger.go:66:                     }
TestTerraformConfluentPlatformExample 2022-07-27T23:30:42Z logger.go:66:                   + type  = (known after apply)
TestTerraformConfluentPlatformExample 2022-07-27T23:30:42Z logger.go:66:                 }
TestTerraformConfluentPlatformExample 2022-07-27T23:30:42Z logger.go:66:               + authorization     = {
TestTerraformConfluentPlatformExample 2022-07-27T23:30:42Z logger.go:66:                   + kafkaRestClassRef = {
TestTerraformConfluentPlatformExample 2022-07-27T23:30:42Z logger.go:66:                       + name      = (known after apply)
TestTerraformConfluentPlatformExample 2022-07-27T23:30:42Z logger.go:66:                       + namespace = (known after apply)
TestTerraformConfluentPlatformExample 2022-07-27T23:30:42Z logger.go:66:                     }
TestTerraformConfluentPlatformExample 2022-07-27T23:30:42Z logger.go:66:                   + type              = (known after apply)
TestTerraformConfluentPlatformExample 2022-07-27T23:30:42Z logger.go:66:                 }
TestTerraformConfluentPlatformExample 2022-07-27T23:30:42Z logger.go:66:               + configOverrides   = {
TestTerraformConfluentPlatformExample 2022-07-27T23:30:42Z logger.go:66:                   + jvm    = (known after apply)
TestTerraformConfluentPlatformExample 2022-07-27T23:30:42Z logger.go:66:                   + log4j  = (known after apply)
TestTerraformConfluentPlatformExample 2022-07-27T23:30:42Z logger.go:66:                   + server = (known after apply)
TestTerraformConfluentPlatformExample 2022-07-27T23:30:42Z logger.go:66:                 }
TestTerraformConfluentPlatformExample 2022-07-27T23:30:42Z logger.go:66:               + dependencies      = {
TestTerraformConfluentPlatformExample 2022-07-27T23:30:42Z logger.go:66:                   + interceptor    = {
TestTerraformConfluentPlatformExample 2022-07-27T23:30:42Z logger.go:66:                       + configs   = (known after apply)
TestTerraformConfluentPlatformExample 2022-07-27T23:30:42Z logger.go:66:                       + consumer  = {
TestTerraformConfluentPlatformExample 2022-07-27T23:30:42Z logger.go:66:                           + authentication    = {
TestTerraformConfluentPlatformExample 2022-07-27T23:30:42Z logger.go:66:                               + jaasConfig            = {
TestTerraformConfluentPlatformExample 2022-07-27T23:30:42Z logger.go:66:                                   + secretRef = (known after apply)
TestTerraformConfluentPlatformExample 2022-07-27T23:30:42Z logger.go:66:                                 }
TestTerraformConfluentPlatformExample 2022-07-27T23:30:42Z logger.go:66:                               + jaasConfigPassThrough = {
TestTerraformConfluentPlatformExample 2022-07-27T23:30:42Z logger.go:66:                                   + directoryPathInContainer = (known after apply)
TestTerraformConfluentPlatformExample 2022-07-27T23:30:42Z logger.go:66:                                   + secretRef                = (known after apply)
TestTerraformConfluentPlatformExample 2022-07-27T23:30:42Z logger.go:66:                                 }
TestTerraformConfluentPlatformExample 2022-07-27T23:30:42Z logger.go:66:                               + oauthbearer           = {
TestTerraformConfluentPlatformExample 2022-07-27T23:30:42Z logger.go:66:                                   + directoryPathInContainer = (known after apply)
TestTerraformConfluentPlatformExample 2022-07-27T23:30:42Z logger.go:66:                                   + secretRef                = (known after apply)
TestTerraformConfluentPlatformExample 2022-07-27T23:30:42Z logger.go:66:                                 }
TestTerraformConfluentPlatformExample 2022-07-27T23:30:42Z logger.go:66:                               + type                  = (known after apply)
TestTerraformConfluentPlatformExample 2022-07-27T23:30:42Z logger.go:66:                             }
TestTerraformConfluentPlatformExample 2022-07-27T23:30:42Z logger.go:66:                           + bootstrapEndpoint = (known after apply)
TestTerraformConfluentPlatformExample 2022-07-27T23:30:42Z logger.go:66:                           + discovery         = {
TestTerraformConfluentPlatformExample 2022-07-27T23:30:42Z logger.go:66:                               + name      = (known after apply)
TestTerraformConfluentPlatformExample 2022-07-27T23:30:42Z logger.go:66:                               + namespace = (known after apply)
TestTerraformConfluentPlatformExample 2022-07-27T23:30:42Z logger.go:66:                               + secretRef = (known after apply)
TestTerraformConfluentPlatformExample 2022-07-27T23:30:42Z logger.go:66:                             }
TestTerraformConfluentPlatformExample 2022-07-27T23:30:42Z logger.go:66:                           + tls               = {
TestTerraformConfluentPlatformExample 2022-07-27T23:30:42Z logger.go:66:                               + directoryPathInContainer = (known after apply)
TestTerraformConfluentPlatformExample 2022-07-27T23:30:42Z logger.go:66:                               + enabled                  = (known after apply)
TestTerraformConfluentPlatformExample 2022-07-27T23:30:42Z logger.go:66:                               + ignoreTrustStoreConfig   = (known after apply)
TestTerraformConfluentPlatformExample 2022-07-27T23:30:42Z logger.go:66:                               + jksPassword              = {
TestTerraformConfluentPlatformExample 2022-07-27T23:30:42Z logger.go:66:                                   + secretRef = (known after apply)
TestTerraformConfluentPlatformExample 2022-07-27T23:30:42Z logger.go:66:                                 }
TestTerraformConfluentPlatformExample 2022-07-27T23:30:42Z logger.go:66:                               + secretRef                = (known after apply)
TestTerraformConfluentPlatformExample 2022-07-27T23:30:42Z logger.go:66:                             }
TestTerraformConfluentPlatformExample 2022-07-27T23:30:42Z logger.go:66:                         }
TestTerraformConfluentPlatformExample 2022-07-27T23:30:42Z logger.go:66:                       + enabled   = (known after apply)
TestTerraformConfluentPlatformExample 2022-07-27T23:30:42Z logger.go:66:                       + producer  = {
TestTerraformConfluentPlatformExample 2022-07-27T23:30:42Z logger.go:66:                           + authentication    = {
TestTerraformConfluentPlatformExample 2022-07-27T23:30:42Z logger.go:66:                               + jaasConfig            = {
TestTerraformConfluentPlatformExample 2022-07-27T23:30:42Z logger.go:66:                                   + secretRef = (known after apply)
TestTerraformConfluentPlatformExample 2022-07-27T23:30:42Z logger.go:66:                                 }
TestTerraformConfluentPlatformExample 2022-07-27T23:30:42Z logger.go:66:                               + jaasConfigPassThrough = {
TestTerraformConfluentPlatformExample 2022-07-27T23:30:42Z logger.go:66:                                   + directoryPathInContainer = (known after apply)
TestTerraformConfluentPlatformExample 2022-07-27T23:30:42Z logger.go:66:                                   + secretRef                = (known after apply)
TestTerraformConfluentPlatformExample 2022-07-27T23:30:42Z logger.go:66:                                 }
TestTerraformConfluentPlatformExample 2022-07-27T23:30:42Z logger.go:66:                               + oauthbearer           = {
TestTerraformConfluentPlatformExample 2022-07-27T23:30:42Z logger.go:66:                                   + directoryPathInContainer = (known after apply)
TestTerraformConfluentPlatformExample 2022-07-27T23:30:42Z logger.go:66:                                   + secretRef                = (known after apply)
TestTerraformConfluentPlatformExample 2022-07-27T23:30:42Z logger.go:66:                                 }
TestTerraformConfluentPlatformExample 2022-07-27T23:30:42Z logger.go:66:                               + type                  = (known after apply)
TestTerraformConfluentPlatformExample 2022-07-27T23:30:42Z logger.go:66:                             }
TestTerraformConfluentPlatformExample 2022-07-27T23:30:42Z logger.go:66:                           + bootstrapEndpoint = (known after apply)
TestTerraformConfluentPlatformExample 2022-07-27T23:30:42Z logger.go:66:                           + discovery         = {
TestTerraformConfluentPlatformExample 2022-07-27T23:30:42Z logger.go:66:                               + name      = (known after apply)
TestTerraformConfluentPlatformExample 2022-07-27T23:30:42Z logger.go:66:                               + namespace = (known after apply)
TestTerraformConfluentPlatformExample 2022-07-27T23:30:42Z logger.go:66:                               + secretRef = (known after apply)
TestTerraformConfluentPlatformExample 2022-07-27T23:30:42Z logger.go:66:                             }
TestTerraformConfluentPlatformExample 2022-07-27T23:30:42Z logger.go:66:                           + tls               = {
TestTerraformConfluentPlatformExample 2022-07-27T23:30:42Z logger.go:66:                               + directoryPathInContainer = (known after apply)
TestTerraformConfluentPlatformExample 2022-07-27T23:30:42Z logger.go:66:                               + enabled                  = (known after apply)
TestTerraformConfluentPlatformExample 2022-07-27T23:30:42Z logger.go:66:                               + ignoreTrustStoreConfig   = (known after apply)
TestTerraformConfluentPlatformExample 2022-07-27T23:30:42Z logger.go:66:                               + jksPassword              = {
TestTerraformConfluentPlatformExample 2022-07-27T23:30:42Z logger.go:66:                                   + secretRef = (known after apply)
TestTerraformConfluentPlatformExample 2022-07-27T23:30:42Z logger.go:66:                                 }
TestTerraformConfluentPlatformExample 2022-07-27T23:30:42Z logger.go:66:                               + secretRef                = (known after apply)
TestTerraformConfluentPlatformExample 2022-07-27T23:30:42Z logger.go:66:                             }
TestTerraformConfluentPlatformExample 2022-07-27T23:30:42Z logger.go:66:                         }
TestTerraformConfluentPlatformExample 2022-07-27T23:30:42Z logger.go:66:                       + publishMs = (known after apply)
TestTerraformConfluentPlatformExample 2022-07-27T23:30:42Z logger.go:66:                     }
TestTerraformConfluentPlatformExample 2022-07-27T23:30:42Z logger.go:66:                   + kafka          = {
TestTerraformConfluentPlatformExample 2022-07-27T23:30:42Z logger.go:66:                       + authentication    = {
TestTerraformConfluentPlatformExample 2022-07-27T23:30:42Z logger.go:66:                           + jaasConfig            = {
TestTerraformConfluentPlatformExample 2022-07-27T23:30:42Z logger.go:66:                               + secretRef = (known after apply)
TestTerraformConfluentPlatformExample 2022-07-27T23:30:42Z logger.go:66:                             }
TestTerraformConfluentPlatformExample 2022-07-27T23:30:42Z logger.go:66:                           + jaasConfigPassThrough = {
TestTerraformConfluentPlatformExample 2022-07-27T23:30:42Z logger.go:66:                               + directoryPathInContainer = (known after apply)
TestTerraformConfluentPlatformExample 2022-07-27T23:30:42Z logger.go:66:                               + secretRef                = (known after apply)
TestTerraformConfluentPlatformExample 2022-07-27T23:30:42Z logger.go:66:                             }
TestTerraformConfluentPlatformExample 2022-07-27T23:30:42Z logger.go:66:                           + oauthbearer           = {
TestTerraformConfluentPlatformExample 2022-07-27T23:30:42Z logger.go:66:                               + directoryPathInContainer = (known after apply)
TestTerraformConfluentPlatformExample 2022-07-27T23:30:42Z logger.go:66:                               + secretRef                = (known after apply)
TestTerraformConfluentPlatformExample 2022-07-27T23:30:42Z logger.go:66:                             }
TestTerraformConfluentPlatformExample 2022-07-27T23:30:42Z logger.go:66:                           + type                  = (known after apply)
TestTerraformConfluentPlatformExample 2022-07-27T23:30:42Z logger.go:66:                         }
TestTerraformConfluentPlatformExample 2022-07-27T23:30:42Z logger.go:66:                       + bootstrapEndpoint = (known after apply)
TestTerraformConfluentPlatformExample 2022-07-27T23:30:42Z logger.go:66:                       + discovery         = {
TestTerraformConfluentPlatformExample 2022-07-27T23:30:42Z logger.go:66:                           + name      = (known after apply)
TestTerraformConfluentPlatformExample 2022-07-27T23:30:42Z logger.go:66:                           + namespace = (known after apply)
TestTerraformConfluentPlatformExample 2022-07-27T23:30:42Z logger.go:66:                           + secretRef = (known after apply)
TestTerraformConfluentPlatformExample 2022-07-27T23:30:42Z logger.go:66:                         }
TestTerraformConfluentPlatformExample 2022-07-27T23:30:42Z logger.go:66:                       + tls               = {
TestTerraformConfluentPlatformExample 2022-07-27T23:30:42Z logger.go:66:                           + directoryPathInContainer = (known after apply)
TestTerraformConfluentPlatformExample 2022-07-27T23:30:42Z logger.go:66:                           + enabled                  = (known after apply)
TestTerraformConfluentPlatformExample 2022-07-27T23:30:42Z logger.go:66:                           + ignoreTrustStoreConfig   = (known after apply)
TestTerraformConfluentPlatformExample 2022-07-27T23:30:42Z logger.go:66:                           + jksPassword              = {
TestTerraformConfluentPlatformExample 2022-07-27T23:30:42Z logger.go:66:                               + secretRef = (known after apply)
TestTerraformConfluentPlatformExample 2022-07-27T23:30:42Z logger.go:66:                             }
TestTerraformConfluentPlatformExample 2022-07-27T23:30:42Z logger.go:66:                           + secretRef                = (known after apply)
TestTerraformConfluentPlatformExample 2022-07-27T23:30:42Z logger.go:66:                         }
TestTerraformConfluentPlatformExample 2022-07-27T23:30:42Z logger.go:66:                     }
TestTerraformConfluentPlatformExample 2022-07-27T23:30:42Z logger.go:66:                   + mds            = {
TestTerraformConfluentPlatformExample 2022-07-27T23:30:42Z logger.go:66:                       + authentication = {
TestTerraformConfluentPlatformExample 2022-07-27T23:30:42Z logger.go:66:                           + bearer = {
TestTerraformConfluentPlatformExample 2022-07-27T23:30:42Z logger.go:66:                               + directoryPathInContainer = (known after apply)
TestTerraformConfluentPlatformExample 2022-07-27T23:30:42Z logger.go:66:                               + secretRef                = (known after apply)
TestTerraformConfluentPlatformExample 2022-07-27T23:30:42Z logger.go:66:                             }
TestTerraformConfluentPlatformExample 2022-07-27T23:30:42Z logger.go:66:                           + type   = (known after apply)
TestTerraformConfluentPlatformExample 2022-07-27T23:30:42Z logger.go:66:                         }
TestTerraformConfluentPlatformExample 2022-07-27T23:30:42Z logger.go:66:                       + endpoint       = (known after apply)
TestTerraformConfluentPlatformExample 2022-07-27T23:30:42Z logger.go:66:                       + tls            = {
TestTerraformConfluentPlatformExample 2022-07-27T23:30:42Z logger.go:66:                           + directoryPathInContainer = (known after apply)
TestTerraformConfluentPlatformExample 2022-07-27T23:30:42Z logger.go:66:                           + enabled                  = (known after apply)
TestTerraformConfluentPlatformExample 2022-07-27T23:30:42Z logger.go:66:                           + ignoreTrustStoreConfig   = (known after apply)
TestTerraformConfluentPlatformExample 2022-07-27T23:30:42Z logger.go:66:                           + jksPassword              = {
TestTerraformConfluentPlatformExample 2022-07-27T23:30:42Z logger.go:66:                               + secretRef = (known after apply)
TestTerraformConfluentPlatformExample 2022-07-27T23:30:42Z logger.go:66:                             }
TestTerraformConfluentPlatformExample 2022-07-27T23:30:42Z logger.go:66:                           + secretRef                = (known after apply)
TestTerraformConfluentPlatformExample 2022-07-27T23:30:42Z logger.go:66:                         }
TestTerraformConfluentPlatformExample 2022-07-27T23:30:42Z logger.go:66:                       + tokenKeyPair   = {
TestTerraformConfluentPlatformExample 2022-07-27T23:30:42Z logger.go:66:                           + directoryPathInContainer = (known after apply)
TestTerraformConfluentPlatformExample 2022-07-27T23:30:42Z logger.go:66:                           + secretRef                = (known after apply)
TestTerraformConfluentPlatformExample 2022-07-27T23:30:42Z logger.go:66:                         }
TestTerraformConfluentPlatformExample 2022-07-27T23:30:42Z logger.go:66:                     }
TestTerraformConfluentPlatformExample 2022-07-27T23:30:42Z logger.go:66:                   + schemaRegistry = {
TestTerraformConfluentPlatformExample 2022-07-27T23:30:42Z logger.go:66:                       + authentication = {
TestTerraformConfluentPlatformExample 2022-07-27T23:30:42Z logger.go:66:                           + basic = {
TestTerraformConfluentPlatformExample 2022-07-27T23:30:42Z logger.go:66:                               + debug                    = (known after apply)
TestTerraformConfluentPlatformExample 2022-07-27T23:30:42Z logger.go:66:                               + directoryPathInContainer = (known after apply)
TestTerraformConfluentPlatformExample 2022-07-27T23:30:42Z logger.go:66:                               + restrictedRoles          = (known after apply)
TestTerraformConfluentPlatformExample 2022-07-27T23:30:42Z logger.go:66:                               + roles                    = (known after apply)
TestTerraformConfluentPlatformExample 2022-07-27T23:30:42Z logger.go:66:                               + secretRef                = (known after apply)
TestTerraformConfluentPlatformExample 2022-07-27T23:30:42Z logger.go:66:                             }
TestTerraformConfluentPlatformExample 2022-07-27T23:30:42Z logger.go:66:                           + type  = (known after apply)
TestTerraformConfluentPlatformExample 2022-07-27T23:30:42Z logger.go:66:                         }
TestTerraformConfluentPlatformExample 2022-07-27T23:30:42Z logger.go:66:                       + tls            = {
TestTerraformConfluentPlatformExample 2022-07-27T23:30:42Z logger.go:66:                           + directoryPathInContainer = (known after apply)
TestTerraformConfluentPlatformExample 2022-07-27T23:30:42Z logger.go:66:                           + enabled                  = (known after apply)
TestTerraformConfluentPlatformExample 2022-07-27T23:30:42Z logger.go:66:                           + ignoreTrustStoreConfig   = (known after apply)
TestTerraformConfluentPlatformExample 2022-07-27T23:30:42Z logger.go:66:                           + jksPassword              = {
TestTerraformConfluentPlatformExample 2022-07-27T23:30:42Z logger.go:66:                               + secretRef = (known after apply)
TestTerraformConfluentPlatformExample 2022-07-27T23:30:42Z logger.go:66:                             }
TestTerraformConfluentPlatformExample 2022-07-27T23:30:42Z logger.go:66:                           + secretRef                = (known after apply)
TestTerraformConfluentPlatformExample 2022-07-27T23:30:42Z logger.go:66:                         }
TestTerraformConfluentPlatformExample 2022-07-27T23:30:42Z logger.go:66:                       + url            = "http://schemaregistry.confluent.svc.cluster.local:8081"
TestTerraformConfluentPlatformExample 2022-07-27T23:30:42Z logger.go:66:                     }
TestTerraformConfluentPlatformExample 2022-07-27T23:30:42Z logger.go:66:                 }
TestTerraformConfluentPlatformExample 2022-07-27T23:30:42Z logger.go:66:               + externalAccess    = {
TestTerraformConfluentPlatformExample 2022-07-27T23:30:42Z logger.go:66:                   + loadBalancer = {
TestTerraformConfluentPlatformExample 2022-07-27T23:30:42Z logger.go:66:                       + advertisedURL            = {
TestTerraformConfluentPlatformExample 2022-07-27T23:30:42Z logger.go:66:                           + enabled = (known after apply)
TestTerraformConfluentPlatformExample 2022-07-27T23:30:42Z logger.go:66:                           + prefix  = (known after apply)
TestTerraformConfluentPlatformExample 2022-07-27T23:30:42Z logger.go:66:                         }
TestTerraformConfluentPlatformExample 2022-07-27T23:30:42Z logger.go:66:                       + annotations              = (known after apply)
TestTerraformConfluentPlatformExample 2022-07-27T23:30:42Z logger.go:66:                       + domain                   = (known after apply)
TestTerraformConfluentPlatformExample 2022-07-27T23:30:42Z logger.go:66:                       + externalTrafficPolicy    = (known after apply)
TestTerraformConfluentPlatformExample 2022-07-27T23:30:42Z logger.go:66:                       + labels                   = (known after apply)
TestTerraformConfluentPlatformExample 2022-07-27T23:30:42Z logger.go:66:                       + loadBalancerSourceRanges = (known after apply)
TestTerraformConfluentPlatformExample 2022-07-27T23:30:42Z logger.go:66:                       + port                     = (known after apply)
TestTerraformConfluentPlatformExample 2022-07-27T23:30:42Z logger.go:66:                       + prefix                   = (known after apply)
TestTerraformConfluentPlatformExample 2022-07-27T23:30:42Z logger.go:66:                       + servicePorts             = (known after apply)
TestTerraformConfluentPlatformExample 2022-07-27T23:30:42Z logger.go:66:                       + sessionAffinity          = (known after apply)
TestTerraformConfluentPlatformExample 2022-07-27T23:30:42Z logger.go:66:                       + sessionAffinityConfig    = {
TestTerraformConfluentPlatformExample 2022-07-27T23:30:42Z logger.go:66:                           + clientIP = {
TestTerraformConfluentPlatformExample 2022-07-27T23:30:42Z logger.go:66:                               + timeoutSeconds = (known after apply)
TestTerraformConfluentPlatformExample 2022-07-27T23:30:42Z logger.go:66:                             }
TestTerraformConfluentPlatformExample 2022-07-27T23:30:42Z logger.go:66:                         }
TestTerraformConfluentPlatformExample 2022-07-27T23:30:42Z logger.go:66:                     }
TestTerraformConfluentPlatformExample 2022-07-27T23:30:42Z logger.go:66:                   + nodePort     = {
TestTerraformConfluentPlatformExample 2022-07-27T23:30:42Z logger.go:66:                       + advertisedURL         = {
TestTerraformConfluentPlatformExample 2022-07-27T23:30:42Z logger.go:66:                           + enabled = (known after apply)
TestTerraformConfluentPlatformExample 2022-07-27T23:30:42Z logger.go:66:                           + prefix  = (known after apply)
TestTerraformConfluentPlatformExample 2022-07-27T23:30:42Z logger.go:66:                         }
TestTerraformConfluentPlatformExample 2022-07-27T23:30:42Z logger.go:66:                       + annotations           = (known after apply)
TestTerraformConfluentPlatformExample 2022-07-27T23:30:42Z logger.go:66:                       + externalTrafficPolicy = (known after apply)
TestTerraformConfluentPlatformExample 2022-07-27T23:30:42Z logger.go:66:                       + host                  = (known after apply)
TestTerraformConfluentPlatformExample 2022-07-27T23:30:42Z logger.go:66:                       + labels                = (known after apply)
TestTerraformConfluentPlatformExample 2022-07-27T23:30:42Z logger.go:66:                       + nodePortOffset        = (known after apply)
TestTerraformConfluentPlatformExample 2022-07-27T23:30:42Z logger.go:66:                       + servicePorts          = (known after apply)
TestTerraformConfluentPlatformExample 2022-07-27T23:30:42Z logger.go:66:                       + sessionAffinity       = (known after apply)
TestTerraformConfluentPlatformExample 2022-07-27T23:30:42Z logger.go:66:                       + sessionAffinityConfig = {
TestTerraformConfluentPlatformExample 2022-07-27T23:30:42Z logger.go:66:                           + clientIP = {
TestTerraformConfluentPlatformExample 2022-07-27T23:30:42Z logger.go:66:                               + timeoutSeconds = (known after apply)
TestTerraformConfluentPlatformExample 2022-07-27T23:30:42Z logger.go:66:                             }
TestTerraformConfluentPlatformExample 2022-07-27T23:30:42Z logger.go:66:                         }
TestTerraformConfluentPlatformExample 2022-07-27T23:30:42Z logger.go:66:                     }
TestTerraformConfluentPlatformExample 2022-07-27T23:30:42Z logger.go:66:                   + route        = {
TestTerraformConfluentPlatformExample 2022-07-27T23:30:42Z logger.go:66:                       + annotations    = (known after apply)
TestTerraformConfluentPlatformExample 2022-07-27T23:30:42Z logger.go:66:                       + domain         = (known after apply)
TestTerraformConfluentPlatformExample 2022-07-27T23:30:42Z logger.go:66:                       + labels         = (known after apply)
TestTerraformConfluentPlatformExample 2022-07-27T23:30:42Z logger.go:66:                       + prefix         = (known after apply)
TestTerraformConfluentPlatformExample 2022-07-27T23:30:42Z logger.go:66:                       + wildcardPolicy = (known after apply)
TestTerraformConfluentPlatformExample 2022-07-27T23:30:42Z logger.go:66:                     }
TestTerraformConfluentPlatformExample 2022-07-27T23:30:42Z logger.go:66:                   + type         = (known after apply)
TestTerraformConfluentPlatformExample 2022-07-27T23:30:42Z logger.go:66:                 }
TestTerraformConfluentPlatformExample 2022-07-27T23:30:42Z logger.go:66:               + headlessService   = {
TestTerraformConfluentPlatformExample 2022-07-27T23:30:42Z logger.go:66:                   + annotations              = (known after apply)
TestTerraformConfluentPlatformExample 2022-07-27T23:30:42Z logger.go:66:                   + labels                   = (known after apply)
TestTerraformConfluentPlatformExample 2022-07-27T23:30:42Z logger.go:66:                   + publishNotReadyAddresses = (known after apply)
TestTerraformConfluentPlatformExample 2022-07-27T23:30:42Z logger.go:66:                 }
TestTerraformConfluentPlatformExample 2022-07-27T23:30:42Z logger.go:66:               + image             = {
TestTerraformConfluentPlatformExample 2022-07-27T23:30:42Z logger.go:66:                   + application   = "confluentinc/cp-kafka-rest:7.2.0"
TestTerraformConfluentPlatformExample 2022-07-27T23:30:42Z logger.go:66:                   + init          = "confluentinc/confluent-init-container:2.4.0"
TestTerraformConfluentPlatformExample 2022-07-27T23:30:42Z logger.go:66:                   + pullPolicy    = (known after apply)
TestTerraformConfluentPlatformExample 2022-07-27T23:30:42Z logger.go:66:                   + pullSecretRef = (known after apply)
TestTerraformConfluentPlatformExample 2022-07-27T23:30:42Z logger.go:66:                 }
TestTerraformConfluentPlatformExample 2022-07-27T23:30:42Z logger.go:66:               + injectAnnotations = (known after apply)
TestTerraformConfluentPlatformExample 2022-07-27T23:30:42Z logger.go:66:               + injectLabels      = (known after apply)
TestTerraformConfluentPlatformExample 2022-07-27T23:30:42Z logger.go:66:               + k8sClusterDomain  = (known after apply)
TestTerraformConfluentPlatformExample 2022-07-27T23:30:42Z logger.go:66:               + license           = {
TestTerraformConfluentPlatformExample 2022-07-27T23:30:42Z logger.go:66:                   + directoryPathInContainer = (known after apply)
TestTerraformConfluentPlatformExample 2022-07-27T23:30:42Z logger.go:66:                   + globalLicense            = (known after apply)
TestTerraformConfluentPlatformExample 2022-07-27T23:30:42Z logger.go:66:                   + secretRef                = (known after apply)
TestTerraformConfluentPlatformExample 2022-07-27T23:30:42Z logger.go:66:                 }
TestTerraformConfluentPlatformExample 2022-07-27T23:30:42Z logger.go:66:               + metrics           = {
TestTerraformConfluentPlatformExample 2022-07-27T23:30:42Z logger.go:66:                   + authentication = {
TestTerraformConfluentPlatformExample 2022-07-27T23:30:42Z logger.go:66:                       + type = (known after apply)
TestTerraformConfluentPlatformExample 2022-07-27T23:30:42Z logger.go:66:                     }
TestTerraformConfluentPlatformExample 2022-07-27T23:30:42Z logger.go:66:                   + prometheus     = {
TestTerraformConfluentPlatformExample 2022-07-27T23:30:42Z logger.go:66:                       + blacklist = (known after apply)
TestTerraformConfluentPlatformExample 2022-07-27T23:30:42Z logger.go:66:                       + rules     = (known after apply)
TestTerraformConfluentPlatformExample 2022-07-27T23:30:42Z logger.go:66:                       + whitelist = (known after apply)
TestTerraformConfluentPlatformExample 2022-07-27T23:30:42Z logger.go:66:                     }
TestTerraformConfluentPlatformExample 2022-07-27T23:30:42Z logger.go:66:                   + tls            = {
TestTerraformConfluentPlatformExample 2022-07-27T23:30:42Z logger.go:66:                       + directoryPathInContainer = (known after apply)
TestTerraformConfluentPlatformExample 2022-07-27T23:30:42Z logger.go:66:                       + enabled                  = (known after apply)
TestTerraformConfluentPlatformExample 2022-07-27T23:30:42Z logger.go:66:                       + ignoreTrustStoreConfig   = (known after apply)
TestTerraformConfluentPlatformExample 2022-07-27T23:30:42Z logger.go:66:                       + jksPassword              = {
TestTerraformConfluentPlatformExample 2022-07-27T23:30:42Z logger.go:66:                           + secretRef = (known after apply)
TestTerraformConfluentPlatformExample 2022-07-27T23:30:42Z logger.go:66:                         }
TestTerraformConfluentPlatformExample 2022-07-27T23:30:42Z logger.go:66:                       + secretRef                = (known after apply)
TestTerraformConfluentPlatformExample 2022-07-27T23:30:42Z logger.go:66:                     }
TestTerraformConfluentPlatformExample 2022-07-27T23:30:42Z logger.go:66:                 }
TestTerraformConfluentPlatformExample 2022-07-27T23:30:42Z logger.go:66:               + mountedSecrets    = (known after apply)
TestTerraformConfluentPlatformExample 2022-07-27T23:30:42Z logger.go:66:               + mountedVolumes    = {
TestTerraformConfluentPlatformExample 2022-07-27T23:30:42Z logger.go:66:                   + volumeMounts = (known after apply)
TestTerraformConfluentPlatformExample 2022-07-27T23:30:42Z logger.go:66:                   + volumes      = (known after apply)
TestTerraformConfluentPlatformExample 2022-07-27T23:30:42Z logger.go:66:                 }
TestTerraformConfluentPlatformExample 2022-07-27T23:30:42Z logger.go:66:               + oneReplicaPerNode = (known after apply)
TestTerraformConfluentPlatformExample 2022-07-27T23:30:42Z logger.go:66:               + podTemplate       = {
TestTerraformConfluentPlatformExample 2022-07-27T23:30:42Z logger.go:66:                   + affinity                      = {
TestTerraformConfluentPlatformExample 2022-07-27T23:30:42Z logger.go:66:                       + nodeAffinity    = {
TestTerraformConfluentPlatformExample 2022-07-27T23:30:42Z logger.go:66:                           + preferredDuringSchedulingIgnoredDuringExecution = (known after apply)
TestTerraformConfluentPlatformExample 2022-07-27T23:30:42Z logger.go:66:                           + requiredDuringSchedulingIgnoredDuringExecution  = {
TestTerraformConfluentPlatformExample 2022-07-27T23:30:42Z logger.go:66:                               + nodeSelectorTerms = (known after apply)
TestTerraformConfluentPlatformExample 2022-07-27T23:30:42Z logger.go:66:                             }
TestTerraformConfluentPlatformExample 2022-07-27T23:30:42Z logger.go:66:                         }
TestTerraformConfluentPlatformExample 2022-07-27T23:30:42Z logger.go:66:                       + podAffinity     = {
TestTerraformConfluentPlatformExample 2022-07-27T23:30:42Z logger.go:66:                           + preferredDuringSchedulingIgnoredDuringExecution = (known after apply)
TestTerraformConfluentPlatformExample 2022-07-27T23:30:42Z logger.go:66:                           + requiredDuringSchedulingIgnoredDuringExecution  = (known after apply)
TestTerraformConfluentPlatformExample 2022-07-27T23:30:42Z logger.go:66:                         }
TestTerraformConfluentPlatformExample 2022-07-27T23:30:42Z logger.go:66:                       + podAntiAffinity = {
TestTerraformConfluentPlatformExample 2022-07-27T23:30:42Z logger.go:66:                           + preferredDuringSchedulingIgnoredDuringExecution = (known after apply)
TestTerraformConfluentPlatformExample 2022-07-27T23:30:42Z logger.go:66:                           + requiredDuringSchedulingIgnoredDuringExecution  = (known after apply)
TestTerraformConfluentPlatformExample 2022-07-27T23:30:42Z logger.go:66:                         }
TestTerraformConfluentPlatformExample 2022-07-27T23:30:42Z logger.go:66:                     }
TestTerraformConfluentPlatformExample 2022-07-27T23:30:42Z logger.go:66:                   + annotations                   = (known after apply)
TestTerraformConfluentPlatformExample 2022-07-27T23:30:42Z logger.go:66:                   + envVars                       = (known after apply)
TestTerraformConfluentPlatformExample 2022-07-27T23:30:42Z logger.go:66:                   + labels                        = (known after apply)
TestTerraformConfluentPlatformExample 2022-07-27T23:30:42Z logger.go:66:                   + podSecurityContext            = {
TestTerraformConfluentPlatformExample 2022-07-27T23:30:42Z logger.go:66:                       + fsGroup             = (known after apply)
TestTerraformConfluentPlatformExample 2022-07-27T23:30:42Z logger.go:66:                       + fsGroupChangePolicy = (known after apply)
TestTerraformConfluentPlatformExample 2022-07-27T23:30:42Z logger.go:66:                       + runAsGroup          = (known after apply)
TestTerraformConfluentPlatformExample 2022-07-27T23:30:42Z logger.go:66:                       + runAsNonRoot        = (known after apply)
TestTerraformConfluentPlatformExample 2022-07-27T23:30:42Z logger.go:66:                       + runAsUser           = (known after apply)
TestTerraformConfluentPlatformExample 2022-07-27T23:30:42Z logger.go:66:                       + seLinuxOptions      = {
TestTerraformConfluentPlatformExample 2022-07-27T23:30:42Z logger.go:66:                           + level = (known after apply)
TestTerraformConfluentPlatformExample 2022-07-27T23:30:42Z logger.go:66:                           + role  = (known after apply)
TestTerraformConfluentPlatformExample 2022-07-27T23:30:42Z logger.go:66:                           + type  = (known after apply)
TestTerraformConfluentPlatformExample 2022-07-27T23:30:42Z logger.go:66:                           + user  = (known after apply)
TestTerraformConfluentPlatformExample 2022-07-27T23:30:42Z logger.go:66:                         }
TestTerraformConfluentPlatformExample 2022-07-27T23:30:42Z logger.go:66:                       + seccompProfile      = {
TestTerraformConfluentPlatformExample 2022-07-27T23:30:42Z logger.go:66:                           + localhostProfile = (known after apply)
TestTerraformConfluentPlatformExample 2022-07-27T23:30:42Z logger.go:66:                           + type             = (known after apply)
TestTerraformConfluentPlatformExample 2022-07-27T23:30:42Z logger.go:66:                         }
TestTerraformConfluentPlatformExample 2022-07-27T23:30:42Z logger.go:66:                       + supplementalGroups  = (known after apply)
TestTerraformConfluentPlatformExample 2022-07-27T23:30:42Z logger.go:66:                       + sysctls             = (known after apply)
TestTerraformConfluentPlatformExample 2022-07-27T23:30:42Z logger.go:66:                       + windowsOptions      = {
TestTerraformConfluentPlatformExample 2022-07-27T23:30:42Z logger.go:66:                           + gmsaCredentialSpec     = (known after apply)
TestTerraformConfluentPlatformExample 2022-07-27T23:30:42Z logger.go:66:                           + gmsaCredentialSpecName = (known after apply)
TestTerraformConfluentPlatformExample 2022-07-27T23:30:42Z logger.go:66:                           + hostProcess            = (known after apply)
TestTerraformConfluentPlatformExample 2022-07-27T23:30:42Z logger.go:66:                           + runAsUserName          = (known after apply)
TestTerraformConfluentPlatformExample 2022-07-27T23:30:42Z logger.go:66:                         }
TestTerraformConfluentPlatformExample 2022-07-27T23:30:42Z logger.go:66:                     }
TestTerraformConfluentPlatformExample 2022-07-27T23:30:42Z logger.go:66:                   + priorityClassName             = (known after apply)
TestTerraformConfluentPlatformExample 2022-07-27T23:30:42Z logger.go:66:                   + probe                         = {
TestTerraformConfluentPlatformExample 2022-07-27T23:30:42Z logger.go:66:                       + liveness  = {
TestTerraformConfluentPlatformExample 2022-07-27T23:30:42Z logger.go:66:                           + failureThreshold    = (known after apply)
TestTerraformConfluentPlatformExample 2022-07-27T23:30:42Z logger.go:66:                           + initialDelaySeconds = (known after apply)
TestTerraformConfluentPlatformExample 2022-07-27T23:30:42Z logger.go:66:                           + periodSeconds       = (known after apply)
TestTerraformConfluentPlatformExample 2022-07-27T23:30:42Z logger.go:66:                           + successThreshold    = (known after apply)
TestTerraformConfluentPlatformExample 2022-07-27T23:30:42Z logger.go:66:                           + timeoutSeconds      = (known after apply)
TestTerraformConfluentPlatformExample 2022-07-27T23:30:42Z logger.go:66:                         }
TestTerraformConfluentPlatformExample 2022-07-27T23:30:42Z logger.go:66:                       + readiness = {
TestTerraformConfluentPlatformExample 2022-07-27T23:30:42Z logger.go:66:                           + failureThreshold    = (known after apply)
TestTerraformConfluentPlatformExample 2022-07-27T23:30:42Z logger.go:66:                           + initialDelaySeconds = (known after apply)
TestTerraformConfluentPlatformExample 2022-07-27T23:30:42Z logger.go:66:                           + periodSeconds       = (known after apply)
TestTerraformConfluentPlatformExample 2022-07-27T23:30:42Z logger.go:66:                           + successThreshold    = (known after apply)
TestTerraformConfluentPlatformExample 2022-07-27T23:30:42Z logger.go:66:                           + timeoutSeconds      = (known after apply)
TestTerraformConfluentPlatformExample 2022-07-27T23:30:42Z logger.go:66:                         }
TestTerraformConfluentPlatformExample 2022-07-27T23:30:42Z logger.go:66:                     }
TestTerraformConfluentPlatformExample 2022-07-27T23:30:42Z logger.go:66:                   + resources                     = {
TestTerraformConfluentPlatformExample 2022-07-27T23:30:42Z logger.go:66:                       + limits   = (known after apply)
TestTerraformConfluentPlatformExample 2022-07-27T23:30:42Z logger.go:66:                       + requests = (known after apply)
TestTerraformConfluentPlatformExample 2022-07-27T23:30:42Z logger.go:66:                     }
TestTerraformConfluentPlatformExample 2022-07-27T23:30:42Z logger.go:66:                   + securityContext               = {
TestTerraformConfluentPlatformExample 2022-07-27T23:30:42Z logger.go:66:                       + allowPrivilegeEscalation = (known after apply)
TestTerraformConfluentPlatformExample 2022-07-27T23:30:42Z logger.go:66:                       + capabilities             = {
TestTerraformConfluentPlatformExample 2022-07-27T23:30:42Z logger.go:66:                           + add  = (known after apply)
TestTerraformConfluentPlatformExample 2022-07-27T23:30:42Z logger.go:66:                           + drop = (known after apply)
TestTerraformConfluentPlatformExample 2022-07-27T23:30:42Z logger.go:66:                         }
TestTerraformConfluentPlatformExample 2022-07-27T23:30:42Z logger.go:66:                       + privileged               = (known after apply)
TestTerraformConfluentPlatformExample 2022-07-27T23:30:42Z logger.go:66:                       + procMount                = (known after apply)
TestTerraformConfluentPlatformExample 2022-07-27T23:30:42Z logger.go:66:                       + readOnlyRootFilesystem   = (known after apply)
TestTerraformConfluentPlatformExample 2022-07-27T23:30:42Z logger.go:66:                       + runAsGroup               = (known after apply)
TestTerraformConfluentPlatformExample 2022-07-27T23:30:42Z logger.go:66:                       + runAsNonRoot             = (known after apply)
TestTerraformConfluentPlatformExample 2022-07-27T23:30:42Z logger.go:66:                       + runAsUser                = (known after apply)
TestTerraformConfluentPlatformExample 2022-07-27T23:30:42Z logger.go:66:                       + seLinuxOptions           = {
TestTerraformConfluentPlatformExample 2022-07-27T23:30:42Z logger.go:66:                           + level = (known after apply)
TestTerraformConfluentPlatformExample 2022-07-27T23:30:42Z logger.go:66:                           + role  = (known after apply)
TestTerraformConfluentPlatformExample 2022-07-27T23:30:42Z logger.go:66:                           + type  = (known after apply)
TestTerraformConfluentPlatformExample 2022-07-27T23:30:42Z logger.go:66:                           + user  = (known after apply)
TestTerraformConfluentPlatformExample 2022-07-27T23:30:42Z logger.go:66:                         }
TestTerraformConfluentPlatformExample 2022-07-27T23:30:42Z logger.go:66:                       + seccompProfile           = {
TestTerraformConfluentPlatformExample 2022-07-27T23:30:42Z logger.go:66:                           + localhostProfile = (known after apply)
TestTerraformConfluentPlatformExample 2022-07-27T23:30:42Z logger.go:66:                           + type             = (known after apply)
TestTerraformConfluentPlatformExample 2022-07-27T23:30:42Z logger.go:66:                         }
TestTerraformConfluentPlatformExample 2022-07-27T23:30:42Z logger.go:66:                       + windowsOptions           = {
TestTerraformConfluentPlatformExample 2022-07-27T23:30:42Z logger.go:66:                           + gmsaCredentialSpec     = (known after apply)
TestTerraformConfluentPlatformExample 2022-07-27T23:30:42Z logger.go:66:                           + gmsaCredentialSpecName = (known after apply)
TestTerraformConfluentPlatformExample 2022-07-27T23:30:42Z logger.go:66:                           + hostProcess            = (known after apply)
TestTerraformConfluentPlatformExample 2022-07-27T23:30:42Z logger.go:66:                           + runAsUserName          = (known after apply)
TestTerraformConfluentPlatformExample 2022-07-27T23:30:42Z logger.go:66:                         }
TestTerraformConfluentPlatformExample 2022-07-27T23:30:42Z logger.go:66:                     }
TestTerraformConfluentPlatformExample 2022-07-27T23:30:42Z logger.go:66:                   + serviceAccountName            = (known after apply)
TestTerraformConfluentPlatformExample 2022-07-27T23:30:42Z logger.go:66:                   + terminationGracePeriodSeconds = (known after apply)
TestTerraformConfluentPlatformExample 2022-07-27T23:30:42Z logger.go:66:                   + tolerations                   = (known after apply)
TestTerraformConfluentPlatformExample 2022-07-27T23:30:42Z logger.go:66:                   + topologySpreadConstraints     = (known after apply)
TestTerraformConfluentPlatformExample 2022-07-27T23:30:42Z logger.go:66:                 }
TestTerraformConfluentPlatformExample 2022-07-27T23:30:42Z logger.go:66:               + replicas          = 1
TestTerraformConfluentPlatformExample 2022-07-27T23:30:42Z logger.go:66:               + telemetry         = {
TestTerraformConfluentPlatformExample 2022-07-27T23:30:42Z logger.go:66:                   + global = (known after apply)
TestTerraformConfluentPlatformExample 2022-07-27T23:30:42Z logger.go:66:                 }
TestTerraformConfluentPlatformExample 2022-07-27T23:30:42Z logger.go:66:               + tls               = {
TestTerraformConfluentPlatformExample 2022-07-27T23:30:42Z logger.go:66:                   + autoGeneratedCerts       = (known after apply)
TestTerraformConfluentPlatformExample 2022-07-27T23:30:42Z logger.go:66:                   + directoryPathInContainer = (known after apply)
TestTerraformConfluentPlatformExample 2022-07-27T23:30:42Z logger.go:66:                   + ignoreTrustStoreConfig   = (known after apply)
TestTerraformConfluentPlatformExample 2022-07-27T23:30:42Z logger.go:66:                   + jksPassword              = {
TestTerraformConfluentPlatformExample 2022-07-27T23:30:42Z logger.go:66:                       + secretRef = (known after apply)
TestTerraformConfluentPlatformExample 2022-07-27T23:30:42Z logger.go:66:                     }
TestTerraformConfluentPlatformExample 2022-07-27T23:30:42Z logger.go:66:                   + secretRef                = (known after apply)
TestTerraformConfluentPlatformExample 2022-07-27T23:30:42Z logger.go:66:                 }
TestTerraformConfluentPlatformExample 2022-07-27T23:30:42Z logger.go:66:             }
TestTerraformConfluentPlatformExample 2022-07-27T23:30:42Z logger.go:66:         }
TestTerraformConfluentPlatformExample 2022-07-27T23:30:42Z logger.go:66:
TestTerraformConfluentPlatformExample 2022-07-27T23:30:42Z logger.go:66:       + timeouts {
TestTerraformConfluentPlatformExample 2022-07-27T23:30:42Z logger.go:66:           + create = "1h"
TestTerraformConfluentPlatformExample 2022-07-27T23:30:42Z logger.go:66:           + delete = "5m"
TestTerraformConfluentPlatformExample 2022-07-27T23:30:42Z logger.go:66:           + update = "1h"
TestTerraformConfluentPlatformExample 2022-07-27T23:30:42Z logger.go:66:         }
TestTerraformConfluentPlatformExample 2022-07-27T23:30:42Z logger.go:66:
TestTerraformConfluentPlatformExample 2022-07-27T23:30:42Z logger.go:66:       + wait {
TestTerraformConfluentPlatformExample 2022-07-27T23:30:42Z logger.go:66:           + fields = {
TestTerraformConfluentPlatformExample 2022-07-27T23:30:42Z logger.go:66:               + "status.phase" = "RUNNING"
TestTerraformConfluentPlatformExample 2022-07-27T23:30:42Z logger.go:66:             }
TestTerraformConfluentPlatformExample 2022-07-27T23:30:42Z logger.go:66:         }
TestTerraformConfluentPlatformExample 2022-07-27T23:30:42Z logger.go:66:     }
TestTerraformConfluentPlatformExample 2022-07-27T23:30:42Z logger.go:66:
TestTerraformConfluentPlatformExample 2022-07-27T23:30:42Z logger.go:66:   # module.confluent_platform.kubernetes_manifest.ksqldb[0] will be created
TestTerraformConfluentPlatformExample 2022-07-27T23:30:42Z logger.go:66:   + resource "kubernetes_manifest" "ksqldb" {
TestTerraformConfluentPlatformExample 2022-07-27T23:30:42Z logger.go:66:       + computed_fields = [
TestTerraformConfluentPlatformExample 2022-07-27T23:30:42Z logger.go:66:           + "metadata.finalizers",
TestTerraformConfluentPlatformExample 2022-07-27T23:30:42Z logger.go:66:         ]
TestTerraformConfluentPlatformExample 2022-07-27T23:30:42Z logger.go:66:       + manifest        = {
TestTerraformConfluentPlatformExample 2022-07-27T23:30:42Z logger.go:66:           + apiVersion = "platform.confluent.io/v1beta1"
TestTerraformConfluentPlatformExample 2022-07-27T23:30:42Z logger.go:66:           + kind       = "KsqlDB"
TestTerraformConfluentPlatformExample 2022-07-27T23:30:42Z logger.go:66:           + metadata   = {
TestTerraformConfluentPlatformExample 2022-07-27T23:30:42Z logger.go:66:               + name      = "ksqldb"
TestTerraformConfluentPlatformExample 2022-07-27T23:30:42Z logger.go:66:               + namespace = "confluent"
TestTerraformConfluentPlatformExample 2022-07-27T23:30:42Z logger.go:66:             }
TestTerraformConfluentPlatformExample 2022-07-27T23:30:42Z logger.go:66:           + spec       = {
TestTerraformConfluentPlatformExample 2022-07-27T23:30:42Z logger.go:66:               + dataVolumeCapacity = "10Gi"
TestTerraformConfluentPlatformExample 2022-07-27T23:30:42Z logger.go:66:               + image              = {
TestTerraformConfluentPlatformExample 2022-07-27T23:30:42Z logger.go:66:                   + application = "confluentinc/cp-ksqldb-server:7.2.0"
TestTerraformConfluentPlatformExample 2022-07-27T23:30:42Z logger.go:66:                   + init        = "confluentinc/confluent-init-container:2.4.0"
TestTerraformConfluentPlatformExample 2022-07-27T23:30:42Z logger.go:66:                 }
TestTerraformConfluentPlatformExample 2022-07-27T23:30:42Z logger.go:66:               + replicas           = 1
TestTerraformConfluentPlatformExample 2022-07-27T23:30:42Z logger.go:66:             }
TestTerraformConfluentPlatformExample 2022-07-27T23:30:42Z logger.go:66:         }
TestTerraformConfluentPlatformExample 2022-07-27T23:30:42Z logger.go:66:       + object          = {
TestTerraformConfluentPlatformExample 2022-07-27T23:30:42Z logger.go:66:           + apiVersion = "platform.confluent.io/v1beta1"
TestTerraformConfluentPlatformExample 2022-07-27T23:30:42Z logger.go:66:           + kind       = "KsqlDB"
TestTerraformConfluentPlatformExample 2022-07-27T23:30:42Z logger.go:66:           + metadata   = {
TestTerraformConfluentPlatformExample 2022-07-27T23:30:42Z logger.go:66:               + annotations                = (known after apply)
TestTerraformConfluentPlatformExample 2022-07-27T23:30:42Z logger.go:66:               + clusterName                = (known after apply)
TestTerraformConfluentPlatformExample 2022-07-27T23:30:42Z logger.go:66:               + creationTimestamp          = (known after apply)
TestTerraformConfluentPlatformExample 2022-07-27T23:30:42Z logger.go:66:               + deletionGracePeriodSeconds = (known after apply)
TestTerraformConfluentPlatformExample 2022-07-27T23:30:42Z logger.go:66:               + deletionTimestamp          = (known after apply)
TestTerraformConfluentPlatformExample 2022-07-27T23:30:42Z logger.go:66:               + finalizers                 = (known after apply)
TestTerraformConfluentPlatformExample 2022-07-27T23:30:42Z logger.go:66:               + generateName               = (known after apply)
TestTerraformConfluentPlatformExample 2022-07-27T23:30:42Z logger.go:66:               + generation                 = (known after apply)
TestTerraformConfluentPlatformExample 2022-07-27T23:30:42Z logger.go:66:               + labels                     = (known after apply)
TestTerraformConfluentPlatformExample 2022-07-27T23:30:42Z logger.go:66:               + managedFields              = (known after apply)
TestTerraformConfluentPlatformExample 2022-07-27T23:30:42Z logger.go:66:               + name                       = "ksqldb"
TestTerraformConfluentPlatformExample 2022-07-27T23:30:42Z logger.go:66:               + namespace                  = "confluent"
TestTerraformConfluentPlatformExample 2022-07-27T23:30:42Z logger.go:66:               + ownerReferences            = (known after apply)
TestTerraformConfluentPlatformExample 2022-07-27T23:30:42Z logger.go:66:               + resourceVersion            = (known after apply)
TestTerraformConfluentPlatformExample 2022-07-27T23:30:42Z logger.go:66:               + selfLink                   = (known after apply)
TestTerraformConfluentPlatformExample 2022-07-27T23:30:42Z logger.go:66:               + uid                        = (known after apply)
TestTerraformConfluentPlatformExample 2022-07-27T23:30:42Z logger.go:66:             }
TestTerraformConfluentPlatformExample 2022-07-27T23:30:42Z logger.go:66:           + spec       = {
TestTerraformConfluentPlatformExample 2022-07-27T23:30:42Z logger.go:66:               + authentication                 = {
TestTerraformConfluentPlatformExample 2022-07-27T23:30:42Z logger.go:66:                   + basic = {
TestTerraformConfluentPlatformExample 2022-07-27T23:30:42Z logger.go:66:                       + debug                    = (known after apply)
TestTerraformConfluentPlatformExample 2022-07-27T23:30:42Z logger.go:66:                       + directoryPathInContainer = (known after apply)
TestTerraformConfluentPlatformExample 2022-07-27T23:30:42Z logger.go:66:                       + restrictedRoles          = (known after apply)
TestTerraformConfluentPlatformExample 2022-07-27T23:30:42Z logger.go:66:                       + roles                    = (known after apply)
TestTerraformConfluentPlatformExample 2022-07-27T23:30:42Z logger.go:66:                       + secretRef                = (known after apply)
TestTerraformConfluentPlatformExample 2022-07-27T23:30:42Z logger.go:66:                     }
TestTerraformConfluentPlatformExample 2022-07-27T23:30:42Z logger.go:66:                   + type  = (known after apply)
TestTerraformConfluentPlatformExample 2022-07-27T23:30:42Z logger.go:66:                 }
TestTerraformConfluentPlatformExample 2022-07-27T23:30:42Z logger.go:66:               + authorization                  = {
TestTerraformConfluentPlatformExample 2022-07-27T23:30:42Z logger.go:66:                   + kafkaRestClassRef = {
TestTerraformConfluentPlatformExample 2022-07-27T23:30:42Z logger.go:66:                       + name      = (known after apply)
TestTerraformConfluentPlatformExample 2022-07-27T23:30:42Z logger.go:66:                       + namespace = (known after apply)
TestTerraformConfluentPlatformExample 2022-07-27T23:30:42Z logger.go:66:                     }
TestTerraformConfluentPlatformExample 2022-07-27T23:30:42Z logger.go:66:                   + type              = (known after apply)
TestTerraformConfluentPlatformExample 2022-07-27T23:30:42Z logger.go:66:                 }
TestTerraformConfluentPlatformExample 2022-07-27T23:30:42Z logger.go:66:               + configOverrides                = {
TestTerraformConfluentPlatformExample 2022-07-27T23:30:42Z logger.go:66:                   + jvm    = (known after apply)
TestTerraformConfluentPlatformExample 2022-07-27T23:30:42Z logger.go:66:                   + log4j  = (known after apply)
TestTerraformConfluentPlatformExample 2022-07-27T23:30:42Z logger.go:66:                   + server = (known after apply)
TestTerraformConfluentPlatformExample 2022-07-27T23:30:42Z logger.go:66:                 }
TestTerraformConfluentPlatformExample 2022-07-27T23:30:42Z logger.go:66:               + dataVolumeCapacity             = "10Gi"
TestTerraformConfluentPlatformExample 2022-07-27T23:30:42Z logger.go:66:               + dependencies                   = {
TestTerraformConfluentPlatformExample 2022-07-27T23:30:42Z logger.go:66:                   + interceptor    = {
TestTerraformConfluentPlatformExample 2022-07-27T23:30:42Z logger.go:66:                       + configs   = (known after apply)
TestTerraformConfluentPlatformExample 2022-07-27T23:30:42Z logger.go:66:                       + consumer  = {
TestTerraformConfluentPlatformExample 2022-07-27T23:30:42Z logger.go:66:                           + authentication    = {
TestTerraformConfluentPlatformExample 2022-07-27T23:30:42Z logger.go:66:                               + jaasConfig            = {
TestTerraformConfluentPlatformExample 2022-07-27T23:30:42Z logger.go:66:                                   + secretRef = (known after apply)
TestTerraformConfluentPlatformExample 2022-07-27T23:30:42Z logger.go:66:                                 }
TestTerraformConfluentPlatformExample 2022-07-27T23:30:42Z logger.go:66:                               + jaasConfigPassThrough = {
TestTerraformConfluentPlatformExample 2022-07-27T23:30:42Z logger.go:66:                                   + directoryPathInContainer = (known after apply)
TestTerraformConfluentPlatformExample 2022-07-27T23:30:42Z logger.go:66:                                   + secretRef                = (known after apply)
TestTerraformConfluentPlatformExample 2022-07-27T23:30:42Z logger.go:66:                                 }
TestTerraformConfluentPlatformExample 2022-07-27T23:30:42Z logger.go:66:                               + oauthbearer           = {
TestTerraformConfluentPlatformExample 2022-07-27T23:30:42Z logger.go:66:                                   + directoryPathInContainer = (known after apply)
TestTerraformConfluentPlatformExample 2022-07-27T23:30:42Z logger.go:66:                                   + secretRef                = (known after apply)
TestTerraformConfluentPlatformExample 2022-07-27T23:30:42Z logger.go:66:                                 }
TestTerraformConfluentPlatformExample 2022-07-27T23:30:42Z logger.go:66:                               + type                  = (known after apply)
TestTerraformConfluentPlatformExample 2022-07-27T23:30:42Z logger.go:66:                             }
TestTerraformConfluentPlatformExample 2022-07-27T23:30:42Z logger.go:66:                           + bootstrapEndpoint = (known after apply)
TestTerraformConfluentPlatformExample 2022-07-27T23:30:42Z logger.go:66:                           + discovery         = {
TestTerraformConfluentPlatformExample 2022-07-27T23:30:42Z logger.go:66:                               + name      = (known after apply)
TestTerraformConfluentPlatformExample 2022-07-27T23:30:42Z logger.go:66:                               + namespace = (known after apply)
TestTerraformConfluentPlatformExample 2022-07-27T23:30:42Z logger.go:66:                               + secretRef = (known after apply)
TestTerraformConfluentPlatformExample 2022-07-27T23:30:42Z logger.go:66:                             }
TestTerraformConfluentPlatformExample 2022-07-27T23:30:42Z logger.go:66:                           + tls               = {
TestTerraformConfluentPlatformExample 2022-07-27T23:30:42Z logger.go:66:                               + directoryPathInContainer = (known after apply)
TestTerraformConfluentPlatformExample 2022-07-27T23:30:42Z logger.go:66:                               + enabled                  = (known after apply)
TestTerraformConfluentPlatformExample 2022-07-27T23:30:42Z logger.go:66:                               + ignoreTrustStoreConfig   = (known after apply)
TestTerraformConfluentPlatformExample 2022-07-27T23:30:42Z logger.go:66:                               + jksPassword              = {
TestTerraformConfluentPlatformExample 2022-07-27T23:30:42Z logger.go:66:                                   + secretRef = (known after apply)
TestTerraformConfluentPlatformExample 2022-07-27T23:30:42Z logger.go:66:                                 }
TestTerraformConfluentPlatformExample 2022-07-27T23:30:42Z logger.go:66:                               + secretRef                = (known after apply)
TestTerraformConfluentPlatformExample 2022-07-27T23:30:42Z logger.go:66:                             }
TestTerraformConfluentPlatformExample 2022-07-27T23:30:42Z logger.go:66:                         }
TestTerraformConfluentPlatformExample 2022-07-27T23:30:42Z logger.go:66:                       + enabled   = (known after apply)
TestTerraformConfluentPlatformExample 2022-07-27T23:30:42Z logger.go:66:                       + producer  = {
TestTerraformConfluentPlatformExample 2022-07-27T23:30:42Z logger.go:66:                           + authentication    = {
TestTerraformConfluentPlatformExample 2022-07-27T23:30:42Z logger.go:66:                               + jaasConfig            = {
TestTerraformConfluentPlatformExample 2022-07-27T23:30:42Z logger.go:66:                                   + secretRef = (known after apply)
TestTerraformConfluentPlatformExample 2022-07-27T23:30:42Z logger.go:66:                                 }
TestTerraformConfluentPlatformExample 2022-07-27T23:30:42Z logger.go:66:                               + jaasConfigPassThrough = {
TestTerraformConfluentPlatformExample 2022-07-27T23:30:42Z logger.go:66:                                   + directoryPathInContainer = (known after apply)
TestTerraformConfluentPlatformExample 2022-07-27T23:30:42Z logger.go:66:                                   + secretRef                = (known after apply)
TestTerraformConfluentPlatformExample 2022-07-27T23:30:42Z logger.go:66:                                 }
TestTerraformConfluentPlatformExample 2022-07-27T23:30:42Z logger.go:66:                               + oauthbearer           = {
TestTerraformConfluentPlatformExample 2022-07-27T23:30:42Z logger.go:66:                                   + directoryPathInContainer = (known after apply)
TestTerraformConfluentPlatformExample 2022-07-27T23:30:42Z logger.go:66:                                   + secretRef                = (known after apply)
TestTerraformConfluentPlatformExample 2022-07-27T23:30:42Z logger.go:66:                                 }
TestTerraformConfluentPlatformExample 2022-07-27T23:30:42Z logger.go:66:                               + type                  = (known after apply)
TestTerraformConfluentPlatformExample 2022-07-27T23:30:42Z logger.go:66:                             }
TestTerraformConfluentPlatformExample 2022-07-27T23:30:42Z logger.go:66:                           + bootstrapEndpoint = (known after apply)
TestTerraformConfluentPlatformExample 2022-07-27T23:30:42Z logger.go:66:                           + discovery         = {
TestTerraformConfluentPlatformExample 2022-07-27T23:30:42Z logger.go:66:                               + name      = (known after apply)
TestTerraformConfluentPlatformExample 2022-07-27T23:30:42Z logger.go:66:                               + namespace = (known after apply)
TestTerraformConfluentPlatformExample 2022-07-27T23:30:42Z logger.go:66:                               + secretRef = (known after apply)
TestTerraformConfluentPlatformExample 2022-07-27T23:30:42Z logger.go:66:                             }
TestTerraformConfluentPlatformExample 2022-07-27T23:30:42Z logger.go:66:                           + tls               = {
TestTerraformConfluentPlatformExample 2022-07-27T23:30:42Z logger.go:66:                               + directoryPathInContainer = (known after apply)
TestTerraformConfluentPlatformExample 2022-07-27T23:30:42Z logger.go:66:                               + enabled                  = (known after apply)
TestTerraformConfluentPlatformExample 2022-07-27T23:30:42Z logger.go:66:                               + ignoreTrustStoreConfig   = (known after apply)
TestTerraformConfluentPlatformExample 2022-07-27T23:30:42Z logger.go:66:                               + jksPassword              = {
TestTerraformConfluentPlatformExample 2022-07-27T23:30:42Z logger.go:66:                                   + secretRef = (known after apply)
TestTerraformConfluentPlatformExample 2022-07-27T23:30:42Z logger.go:66:                                 }
TestTerraformConfluentPlatformExample 2022-07-27T23:30:42Z logger.go:66:                               + secretRef                = (known after apply)
TestTerraformConfluentPlatformExample 2022-07-27T23:30:42Z logger.go:66:                             }
TestTerraformConfluentPlatformExample 2022-07-27T23:30:42Z logger.go:66:                         }
TestTerraformConfluentPlatformExample 2022-07-27T23:30:42Z logger.go:66:                       + publishMs = (known after apply)
TestTerraformConfluentPlatformExample 2022-07-27T23:30:42Z logger.go:66:                     }
TestTerraformConfluentPlatformExample 2022-07-27T23:30:42Z logger.go:66:                   + kafka          = {
TestTerraformConfluentPlatformExample 2022-07-27T23:30:42Z logger.go:66:                       + authentication    = {
TestTerraformConfluentPlatformExample 2022-07-27T23:30:42Z logger.go:66:                           + jaasConfig            = {
TestTerraformConfluentPlatformExample 2022-07-27T23:30:42Z logger.go:66:                               + secretRef = (known after apply)
TestTerraformConfluentPlatformExample 2022-07-27T23:30:42Z logger.go:66:                             }
TestTerraformConfluentPlatformExample 2022-07-27T23:30:42Z logger.go:66:                           + jaasConfigPassThrough = {
TestTerraformConfluentPlatformExample 2022-07-27T23:30:42Z logger.go:66:                               + directoryPathInContainer = (known after apply)
TestTerraformConfluentPlatformExample 2022-07-27T23:30:42Z logger.go:66:                               + secretRef                = (known after apply)
TestTerraformConfluentPlatformExample 2022-07-27T23:30:42Z logger.go:66:                             }
TestTerraformConfluentPlatformExample 2022-07-27T23:30:42Z logger.go:66:                           + oauthbearer           = {
TestTerraformConfluentPlatformExample 2022-07-27T23:30:42Z logger.go:66:                               + directoryPathInContainer = (known after apply)
TestTerraformConfluentPlatformExample 2022-07-27T23:30:42Z logger.go:66:                               + secretRef                = (known after apply)
TestTerraformConfluentPlatformExample 2022-07-27T23:30:42Z logger.go:66:                             }
TestTerraformConfluentPlatformExample 2022-07-27T23:30:42Z logger.go:66:                           + type                  = (known after apply)
TestTerraformConfluentPlatformExample 2022-07-27T23:30:42Z logger.go:66:                         }
TestTerraformConfluentPlatformExample 2022-07-27T23:30:42Z logger.go:66:                       + bootstrapEndpoint = (known after apply)
TestTerraformConfluentPlatformExample 2022-07-27T23:30:42Z logger.go:66:                       + discovery         = {
TestTerraformConfluentPlatformExample 2022-07-27T23:30:42Z logger.go:66:                           + name      = (known after apply)
TestTerraformConfluentPlatformExample 2022-07-27T23:30:42Z logger.go:66:                           + namespace = (known after apply)
TestTerraformConfluentPlatformExample 2022-07-27T23:30:42Z logger.go:66:                           + secretRef = (known after apply)
TestTerraformConfluentPlatformExample 2022-07-27T23:30:42Z logger.go:66:                         }
TestTerraformConfluentPlatformExample 2022-07-27T23:30:42Z logger.go:66:                       + tls               = {
TestTerraformConfluentPlatformExample 2022-07-27T23:30:42Z logger.go:66:                           + directoryPathInContainer = (known after apply)
TestTerraformConfluentPlatformExample 2022-07-27T23:30:42Z logger.go:66:                           + enabled                  = (known after apply)
TestTerraformConfluentPlatformExample 2022-07-27T23:30:42Z logger.go:66:                           + ignoreTrustStoreConfig   = (known after apply)
TestTerraformConfluentPlatformExample 2022-07-27T23:30:42Z logger.go:66:                           + jksPassword              = {
TestTerraformConfluentPlatformExample 2022-07-27T23:30:42Z logger.go:66:                               + secretRef = (known after apply)
TestTerraformConfluentPlatformExample 2022-07-27T23:30:42Z logger.go:66:                             }
TestTerraformConfluentPlatformExample 2022-07-27T23:30:42Z logger.go:66:                           + secretRef                = (known after apply)
TestTerraformConfluentPlatformExample 2022-07-27T23:30:42Z logger.go:66:                         }
TestTerraformConfluentPlatformExample 2022-07-27T23:30:42Z logger.go:66:                     }
TestTerraformConfluentPlatformExample 2022-07-27T23:30:42Z logger.go:66:                   + mds            = {
TestTerraformConfluentPlatformExample 2022-07-27T23:30:42Z logger.go:66:                       + authentication = {
TestTerraformConfluentPlatformExample 2022-07-27T23:30:42Z logger.go:66:                           + bearer = {
TestTerraformConfluentPlatformExample 2022-07-27T23:30:42Z logger.go:66:                               + directoryPathInContainer = (known after apply)
TestTerraformConfluentPlatformExample 2022-07-27T23:30:42Z logger.go:66:                               + secretRef                = (known after apply)
TestTerraformConfluentPlatformExample 2022-07-27T23:30:42Z logger.go:66:                             }
TestTerraformConfluentPlatformExample 2022-07-27T23:30:42Z logger.go:66:                           + type   = (known after apply)
TestTerraformConfluentPlatformExample 2022-07-27T23:30:42Z logger.go:66:                         }
TestTerraformConfluentPlatformExample 2022-07-27T23:30:42Z logger.go:66:                       + endpoint       = (known after apply)
TestTerraformConfluentPlatformExample 2022-07-27T23:30:42Z logger.go:66:                       + tls            = {
TestTerraformConfluentPlatformExample 2022-07-27T23:30:42Z logger.go:66:                           + directoryPathInContainer = (known after apply)
TestTerraformConfluentPlatformExample 2022-07-27T23:30:42Z logger.go:66:                           + enabled                  = (known after apply)
TestTerraformConfluentPlatformExample 2022-07-27T23:30:42Z logger.go:66:                           + ignoreTrustStoreConfig   = (known after apply)
TestTerraformConfluentPlatformExample 2022-07-27T23:30:42Z logger.go:66:                           + jksPassword              = {
TestTerraformConfluentPlatformExample 2022-07-27T23:30:42Z logger.go:66:                               + secretRef = (known after apply)
TestTerraformConfluentPlatformExample 2022-07-27T23:30:42Z logger.go:66:                             }
TestTerraformConfluentPlatformExample 2022-07-27T23:30:42Z logger.go:66:                           + secretRef                = (known after apply)
TestTerraformConfluentPlatformExample 2022-07-27T23:30:42Z logger.go:66:                         }
TestTerraformConfluentPlatformExample 2022-07-27T23:30:42Z logger.go:66:                       + tokenKeyPair   = {
TestTerraformConfluentPlatformExample 2022-07-27T23:30:42Z logger.go:66:                           + directoryPathInContainer = (known after apply)
TestTerraformConfluentPlatformExample 2022-07-27T23:30:42Z logger.go:66:                           + secretRef                = (known after apply)
TestTerraformConfluentPlatformExample 2022-07-27T23:30:42Z logger.go:66:                         }
TestTerraformConfluentPlatformExample 2022-07-27T23:30:42Z logger.go:66:                     }
TestTerraformConfluentPlatformExample 2022-07-27T23:30:42Z logger.go:66:                   + schemaRegistry = {
TestTerraformConfluentPlatformExample 2022-07-27T23:30:42Z logger.go:66:                       + authentication = {
TestTerraformConfluentPlatformExample 2022-07-27T23:30:42Z logger.go:66:                           + basic = {
TestTerraformConfluentPlatformExample 2022-07-27T23:30:42Z logger.go:66:                               + debug                    = (known after apply)
TestTerraformConfluentPlatformExample 2022-07-27T23:30:42Z logger.go:66:                               + directoryPathInContainer = (known after apply)
TestTerraformConfluentPlatformExample 2022-07-27T23:30:42Z logger.go:66:                               + restrictedRoles          = (known after apply)
TestTerraformConfluentPlatformExample 2022-07-27T23:30:42Z logger.go:66:                               + roles                    = (known after apply)
TestTerraformConfluentPlatformExample 2022-07-27T23:30:42Z logger.go:66:                               + secretRef                = (known after apply)
TestTerraformConfluentPlatformExample 2022-07-27T23:30:42Z logger.go:66:                             }
TestTerraformConfluentPlatformExample 2022-07-27T23:30:42Z logger.go:66:                           + type  = (known after apply)
TestTerraformConfluentPlatformExample 2022-07-27T23:30:42Z logger.go:66:                         }
TestTerraformConfluentPlatformExample 2022-07-27T23:30:42Z logger.go:66:                       + tls            = {
TestTerraformConfluentPlatformExample 2022-07-27T23:30:42Z logger.go:66:                           + directoryPathInContainer = (known after apply)
TestTerraformConfluentPlatformExample 2022-07-27T23:30:42Z logger.go:66:                           + enabled                  = (known after apply)
TestTerraformConfluentPlatformExample 2022-07-27T23:30:42Z logger.go:66:                           + ignoreTrustStoreConfig   = (known after apply)
TestTerraformConfluentPlatformExample 2022-07-27T23:30:42Z logger.go:66:                           + jksPassword              = {
TestTerraformConfluentPlatformExample 2022-07-27T23:30:42Z logger.go:66:                               + secretRef = (known after apply)
TestTerraformConfluentPlatformExample 2022-07-27T23:30:42Z logger.go:66:                             }
TestTerraformConfluentPlatformExample 2022-07-27T23:30:42Z logger.go:66:                           + secretRef                = (known after apply)
TestTerraformConfluentPlatformExample 2022-07-27T23:30:42Z logger.go:66:                         }
TestTerraformConfluentPlatformExample 2022-07-27T23:30:42Z logger.go:66:                       + url            = (known after apply)
TestTerraformConfluentPlatformExample 2022-07-27T23:30:42Z logger.go:66:                     }
TestTerraformConfluentPlatformExample 2022-07-27T23:30:42Z logger.go:66:                 }
TestTerraformConfluentPlatformExample 2022-07-27T23:30:42Z logger.go:66:               + externalAccess                 = {
TestTerraformConfluentPlatformExample 2022-07-27T23:30:42Z logger.go:66:                   + loadBalancer = {
TestTerraformConfluentPlatformExample 2022-07-27T23:30:42Z logger.go:66:                       + advertisedURL            = {
TestTerraformConfluentPlatformExample 2022-07-27T23:30:42Z logger.go:66:                           + enabled = (known after apply)
TestTerraformConfluentPlatformExample 2022-07-27T23:30:42Z logger.go:66:                           + prefix  = (known after apply)
TestTerraformConfluentPlatformExample 2022-07-27T23:30:42Z logger.go:66:                         }
TestTerraformConfluentPlatformExample 2022-07-27T23:30:42Z logger.go:66:                       + annotations              = (known after apply)
TestTerraformConfluentPlatformExample 2022-07-27T23:30:42Z logger.go:66:                       + domain                   = (known after apply)
TestTerraformConfluentPlatformExample 2022-07-27T23:30:42Z logger.go:66:                       + externalTrafficPolicy    = (known after apply)
TestTerraformConfluentPlatformExample 2022-07-27T23:30:42Z logger.go:66:                       + labels                   = (known after apply)
TestTerraformConfluentPlatformExample 2022-07-27T23:30:42Z logger.go:66:                       + loadBalancerSourceRanges = (known after apply)
TestTerraformConfluentPlatformExample 2022-07-27T23:30:42Z logger.go:66:                       + port                     = (known after apply)
TestTerraformConfluentPlatformExample 2022-07-27T23:30:42Z logger.go:66:                       + prefix                   = (known after apply)
TestTerraformConfluentPlatformExample 2022-07-27T23:30:42Z logger.go:66:                       + servicePorts             = (known after apply)
TestTerraformConfluentPlatformExample 2022-07-27T23:30:42Z logger.go:66:                       + sessionAffinity          = (known after apply)
TestTerraformConfluentPlatformExample 2022-07-27T23:30:42Z logger.go:66:                       + sessionAffinityConfig    = {
TestTerraformConfluentPlatformExample 2022-07-27T23:30:42Z logger.go:66:                           + clientIP = {
TestTerraformConfluentPlatformExample 2022-07-27T23:30:42Z logger.go:66:                               + timeoutSeconds = (known after apply)
TestTerraformConfluentPlatformExample 2022-07-27T23:30:42Z logger.go:66:                             }
TestTerraformConfluentPlatformExample 2022-07-27T23:30:42Z logger.go:66:                         }
TestTerraformConfluentPlatformExample 2022-07-27T23:30:42Z logger.go:66:                     }
TestTerraformConfluentPlatformExample 2022-07-27T23:30:42Z logger.go:66:                   + nodePort     = {
TestTerraformConfluentPlatformExample 2022-07-27T23:30:42Z logger.go:66:                       + advertisedURL         = {
TestTerraformConfluentPlatformExample 2022-07-27T23:30:42Z logger.go:66:                           + enabled = (known after apply)
TestTerraformConfluentPlatformExample 2022-07-27T23:30:42Z logger.go:66:                           + prefix  = (known after apply)
TestTerraformConfluentPlatformExample 2022-07-27T23:30:42Z logger.go:66:                         }
TestTerraformConfluentPlatformExample 2022-07-27T23:30:42Z logger.go:66:                       + annotations           = (known after apply)
TestTerraformConfluentPlatformExample 2022-07-27T23:30:42Z logger.go:66:                       + externalTrafficPolicy = (known after apply)
TestTerraformConfluentPlatformExample 2022-07-27T23:30:42Z logger.go:66:                       + host                  = (known after apply)
TestTerraformConfluentPlatformExample 2022-07-27T23:30:42Z logger.go:66:                       + labels                = (known after apply)
TestTerraformConfluentPlatformExample 2022-07-27T23:30:42Z logger.go:66:                       + nodePortOffset        = (known after apply)
TestTerraformConfluentPlatformExample 2022-07-27T23:30:42Z logger.go:66:                       + servicePorts          = (known after apply)
TestTerraformConfluentPlatformExample 2022-07-27T23:30:42Z logger.go:66:                       + sessionAffinity       = (known after apply)
TestTerraformConfluentPlatformExample 2022-07-27T23:30:42Z logger.go:66:                       + sessionAffinityConfig = {
TestTerraformConfluentPlatformExample 2022-07-27T23:30:42Z logger.go:66:                           + clientIP = {
TestTerraformConfluentPlatformExample 2022-07-27T23:30:42Z logger.go:66:                               + timeoutSeconds = (known after apply)
TestTerraformConfluentPlatformExample 2022-07-27T23:30:42Z logger.go:66:                             }
TestTerraformConfluentPlatformExample 2022-07-27T23:30:42Z logger.go:66:                         }
TestTerraformConfluentPlatformExample 2022-07-27T23:30:42Z logger.go:66:                     }
TestTerraformConfluentPlatformExample 2022-07-27T23:30:42Z logger.go:66:                   + route        = {
TestTerraformConfluentPlatformExample 2022-07-27T23:30:42Z logger.go:66:                       + annotations    = (known after apply)
TestTerraformConfluentPlatformExample 2022-07-27T23:30:42Z logger.go:66:                       + domain         = (known after apply)
TestTerraformConfluentPlatformExample 2022-07-27T23:30:42Z logger.go:66:                       + labels         = (known after apply)
TestTerraformConfluentPlatformExample 2022-07-27T23:30:42Z logger.go:66:                       + prefix         = (known after apply)
TestTerraformConfluentPlatformExample 2022-07-27T23:30:42Z logger.go:66:                       + wildcardPolicy = (known after apply)
TestTerraformConfluentPlatformExample 2022-07-27T23:30:42Z logger.go:66:                     }
TestTerraformConfluentPlatformExample 2022-07-27T23:30:42Z logger.go:66:                   + type         = (known after apply)
TestTerraformConfluentPlatformExample 2022-07-27T23:30:42Z logger.go:66:                 }
TestTerraformConfluentPlatformExample 2022-07-27T23:30:42Z logger.go:66:               + headlessService                = {
TestTerraformConfluentPlatformExample 2022-07-27T23:30:42Z logger.go:66:                   + annotations              = (known after apply)
TestTerraformConfluentPlatformExample 2022-07-27T23:30:42Z logger.go:66:                   + labels                   = (known after apply)
TestTerraformConfluentPlatformExample 2022-07-27T23:30:42Z logger.go:66:                   + publishNotReadyAddresses = (known after apply)
TestTerraformConfluentPlatformExample 2022-07-27T23:30:42Z logger.go:66:                 }
TestTerraformConfluentPlatformExample 2022-07-27T23:30:42Z logger.go:66:               + image                          = {
TestTerraformConfluentPlatformExample 2022-07-27T23:30:42Z logger.go:66:                   + application   = "confluentinc/cp-ksqldb-server:7.2.0"
TestTerraformConfluentPlatformExample 2022-07-27T23:30:42Z logger.go:66:                   + init          = "confluentinc/confluent-init-container:2.4.0"
TestTerraformConfluentPlatformExample 2022-07-27T23:30:42Z logger.go:66:                   + pullPolicy    = (known after apply)
TestTerraformConfluentPlatformExample 2022-07-27T23:30:42Z logger.go:66:                   + pullSecretRef = (known after apply)
TestTerraformConfluentPlatformExample 2022-07-27T23:30:42Z logger.go:66:                 }
TestTerraformConfluentPlatformExample 2022-07-27T23:30:42Z logger.go:66:               + injectAnnotations              = (known after apply)
TestTerraformConfluentPlatformExample 2022-07-27T23:30:42Z logger.go:66:               + injectLabels                   = (known after apply)
TestTerraformConfluentPlatformExample 2022-07-27T23:30:42Z logger.go:66:               + internalTopicReplicationFactor = (known after apply)
TestTerraformConfluentPlatformExample 2022-07-27T23:30:42Z logger.go:66:               + k8sClusterDomain               = (known after apply)
TestTerraformConfluentPlatformExample 2022-07-27T23:30:42Z logger.go:66:               + license                        = {
TestTerraformConfluentPlatformExample 2022-07-27T23:30:42Z logger.go:66:                   + directoryPathInContainer = (known after apply)
TestTerraformConfluentPlatformExample 2022-07-27T23:30:42Z logger.go:66:                   + globalLicense            = (known after apply)
TestTerraformConfluentPlatformExample 2022-07-27T23:30:42Z logger.go:66:                   + secretRef                = (known after apply)
TestTerraformConfluentPlatformExample 2022-07-27T23:30:42Z logger.go:66:                 }
TestTerraformConfluentPlatformExample 2022-07-27T23:30:42Z logger.go:66:               + metrics                        = {
TestTerraformConfluentPlatformExample 2022-07-27T23:30:42Z logger.go:66:                   + authentication = {
TestTerraformConfluentPlatformExample 2022-07-27T23:30:42Z logger.go:66:                       + type = (known after apply)
TestTerraformConfluentPlatformExample 2022-07-27T23:30:42Z logger.go:66:                     }
TestTerraformConfluentPlatformExample 2022-07-27T23:30:42Z logger.go:66:                   + prometheus     = {
TestTerraformConfluentPlatformExample 2022-07-27T23:30:42Z logger.go:66:                       + blacklist = (known after apply)
TestTerraformConfluentPlatformExample 2022-07-27T23:30:42Z logger.go:66:                       + rules     = (known after apply)
TestTerraformConfluentPlatformExample 2022-07-27T23:30:42Z logger.go:66:                       + whitelist = (known after apply)
TestTerraformConfluentPlatformExample 2022-07-27T23:30:42Z logger.go:66:                     }
TestTerraformConfluentPlatformExample 2022-07-27T23:30:42Z logger.go:66:                   + tls            = {
TestTerraformConfluentPlatformExample 2022-07-27T23:30:42Z logger.go:66:                       + directoryPathInContainer = (known after apply)
TestTerraformConfluentPlatformExample 2022-07-27T23:30:42Z logger.go:66:                       + enabled                  = (known after apply)
TestTerraformConfluentPlatformExample 2022-07-27T23:30:42Z logger.go:66:                       + ignoreTrustStoreConfig   = (known after apply)
TestTerraformConfluentPlatformExample 2022-07-27T23:30:42Z logger.go:66:                       + jksPassword              = {
TestTerraformConfluentPlatformExample 2022-07-27T23:30:42Z logger.go:66:                           + secretRef = (known after apply)
TestTerraformConfluentPlatformExample 2022-07-27T23:30:42Z logger.go:66:                         }
TestTerraformConfluentPlatformExample 2022-07-27T23:30:42Z logger.go:66:                       + secretRef                = (known after apply)
TestTerraformConfluentPlatformExample 2022-07-27T23:30:42Z logger.go:66:                     }
TestTerraformConfluentPlatformExample 2022-07-27T23:30:42Z logger.go:66:                 }
TestTerraformConfluentPlatformExample 2022-07-27T23:30:42Z logger.go:66:               + mountedSecrets                 = (known after apply)
TestTerraformConfluentPlatformExample 2022-07-27T23:30:42Z logger.go:66:               + mountedVolumes                 = {
TestTerraformConfluentPlatformExample 2022-07-27T23:30:42Z logger.go:66:                   + volumeMounts = (known after apply)
TestTerraformConfluentPlatformExample 2022-07-27T23:30:42Z logger.go:66:                   + volumes      = (known after apply)
TestTerraformConfluentPlatformExample 2022-07-27T23:30:42Z logger.go:66:                 }
TestTerraformConfluentPlatformExample 2022-07-27T23:30:42Z logger.go:66:               + oneReplicaPerNode              = (known after apply)
TestTerraformConfluentPlatformExample 2022-07-27T23:30:42Z logger.go:66:               + podTemplate                    = {
TestTerraformConfluentPlatformExample 2022-07-27T23:30:42Z logger.go:66:                   + affinity                      = {
TestTerraformConfluentPlatformExample 2022-07-27T23:30:42Z logger.go:66:                       + nodeAffinity    = {
TestTerraformConfluentPlatformExample 2022-07-27T23:30:42Z logger.go:66:                           + preferredDuringSchedulingIgnoredDuringExecution = (known after apply)
TestTerraformConfluentPlatformExample 2022-07-27T23:30:42Z logger.go:66:                           + requiredDuringSchedulingIgnoredDuringExecution  = {
TestTerraformConfluentPlatformExample 2022-07-27T23:30:42Z logger.go:66:                               + nodeSelectorTerms = (known after apply)
TestTerraformConfluentPlatformExample 2022-07-27T23:30:42Z logger.go:66:                             }
TestTerraformConfluentPlatformExample 2022-07-27T23:30:42Z logger.go:66:                         }
TestTerraformConfluentPlatformExample 2022-07-27T23:30:42Z logger.go:66:                       + podAffinity     = {
TestTerraformConfluentPlatformExample 2022-07-27T23:30:42Z logger.go:66:                           + preferredDuringSchedulingIgnoredDuringExecution = (known after apply)
TestTerraformConfluentPlatformExample 2022-07-27T23:30:42Z logger.go:66:                           + requiredDuringSchedulingIgnoredDuringExecution  = (known after apply)
TestTerraformConfluentPlatformExample 2022-07-27T23:30:42Z logger.go:66:                         }
TestTerraformConfluentPlatformExample 2022-07-27T23:30:42Z logger.go:66:                       + podAntiAffinity = {
TestTerraformConfluentPlatformExample 2022-07-27T23:30:42Z logger.go:66:                           + preferredDuringSchedulingIgnoredDuringExecution = (known after apply)
TestTerraformConfluentPlatformExample 2022-07-27T23:30:42Z logger.go:66:                           + requiredDuringSchedulingIgnoredDuringExecution  = (known after apply)
TestTerraformConfluentPlatformExample 2022-07-27T23:30:42Z logger.go:66:                         }
TestTerraformConfluentPlatformExample 2022-07-27T23:30:42Z logger.go:66:                     }
TestTerraformConfluentPlatformExample 2022-07-27T23:30:42Z logger.go:66:                   + annotations                   = (known after apply)
TestTerraformConfluentPlatformExample 2022-07-27T23:30:42Z logger.go:66:                   + envVars                       = (known after apply)
TestTerraformConfluentPlatformExample 2022-07-27T23:30:42Z logger.go:66:                   + labels                        = (known after apply)
TestTerraformConfluentPlatformExample 2022-07-27T23:30:42Z logger.go:66:                   + podSecurityContext            = {
TestTerraformConfluentPlatformExample 2022-07-27T23:30:42Z logger.go:66:                       + fsGroup             = (known after apply)
TestTerraformConfluentPlatformExample 2022-07-27T23:30:42Z logger.go:66:                       + fsGroupChangePolicy = (known after apply)
TestTerraformConfluentPlatformExample 2022-07-27T23:30:42Z logger.go:66:                       + runAsGroup          = (known after apply)
TestTerraformConfluentPlatformExample 2022-07-27T23:30:42Z logger.go:66:                       + runAsNonRoot        = (known after apply)
TestTerraformConfluentPlatformExample 2022-07-27T23:30:42Z logger.go:66:                       + runAsUser           = (known after apply)
TestTerraformConfluentPlatformExample 2022-07-27T23:30:42Z logger.go:66:                       + seLinuxOptions      = {
TestTerraformConfluentPlatformExample 2022-07-27T23:30:42Z logger.go:66:                           + level = (known after apply)
TestTerraformConfluentPlatformExample 2022-07-27T23:30:42Z logger.go:66:                           + role  = (known after apply)
TestTerraformConfluentPlatformExample 2022-07-27T23:30:42Z logger.go:66:                           + type  = (known after apply)
TestTerraformConfluentPlatformExample 2022-07-27T23:30:42Z logger.go:66:                           + user  = (known after apply)
TestTerraformConfluentPlatformExample 2022-07-27T23:30:42Z logger.go:66:                         }
TestTerraformConfluentPlatformExample 2022-07-27T23:30:42Z logger.go:66:                       + seccompProfile      = {
TestTerraformConfluentPlatformExample 2022-07-27T23:30:42Z logger.go:66:                           + localhostProfile = (known after apply)
TestTerraformConfluentPlatformExample 2022-07-27T23:30:42Z logger.go:66:                           + type             = (known after apply)
TestTerraformConfluentPlatformExample 2022-07-27T23:30:42Z logger.go:66:                         }
TestTerraformConfluentPlatformExample 2022-07-27T23:30:42Z logger.go:66:                       + supplementalGroups  = (known after apply)
TestTerraformConfluentPlatformExample 2022-07-27T23:30:42Z logger.go:66:                       + sysctls             = (known after apply)
TestTerraformConfluentPlatformExample 2022-07-27T23:30:42Z logger.go:66:                       + windowsOptions      = {
TestTerraformConfluentPlatformExample 2022-07-27T23:30:42Z logger.go:66:                           + gmsaCredentialSpec     = (known after apply)
TestTerraformConfluentPlatformExample 2022-07-27T23:30:42Z logger.go:66:                           + gmsaCredentialSpecName = (known after apply)
TestTerraformConfluentPlatformExample 2022-07-27T23:30:42Z logger.go:66:                           + hostProcess            = (known after apply)
TestTerraformConfluentPlatformExample 2022-07-27T23:30:42Z logger.go:66:                           + runAsUserName          = (known after apply)
TestTerraformConfluentPlatformExample 2022-07-27T23:30:42Z logger.go:66:                         }
TestTerraformConfluentPlatformExample 2022-07-27T23:30:42Z logger.go:66:                     }
TestTerraformConfluentPlatformExample 2022-07-27T23:30:42Z logger.go:66:                   + priorityClassName             = (known after apply)
TestTerraformConfluentPlatformExample 2022-07-27T23:30:42Z logger.go:66:                   + probe                         = {
TestTerraformConfluentPlatformExample 2022-07-27T23:30:42Z logger.go:66:                       + liveness  = {
TestTerraformConfluentPlatformExample 2022-07-27T23:30:42Z logger.go:66:                           + failureThreshold    = (known after apply)
TestTerraformConfluentPlatformExample 2022-07-27T23:30:42Z logger.go:66:                           + initialDelaySeconds = (known after apply)
TestTerraformConfluentPlatformExample 2022-07-27T23:30:42Z logger.go:66:                           + periodSeconds       = (known after apply)
TestTerraformConfluentPlatformExample 2022-07-27T23:30:42Z logger.go:66:                           + successThreshold    = (known after apply)
TestTerraformConfluentPlatformExample 2022-07-27T23:30:42Z logger.go:66:                           + timeoutSeconds      = (known after apply)
TestTerraformConfluentPlatformExample 2022-07-27T23:30:42Z logger.go:66:                         }
TestTerraformConfluentPlatformExample 2022-07-27T23:30:42Z logger.go:66:                       + readiness = {
TestTerraformConfluentPlatformExample 2022-07-27T23:30:42Z logger.go:66:                           + failureThreshold    = (known after apply)
TestTerraformConfluentPlatformExample 2022-07-27T23:30:42Z logger.go:66:                           + initialDelaySeconds = (known after apply)
TestTerraformConfluentPlatformExample 2022-07-27T23:30:42Z logger.go:66:                           + periodSeconds       = (known after apply)
TestTerraformConfluentPlatformExample 2022-07-27T23:30:42Z logger.go:66:                           + successThreshold    = (known after apply)
TestTerraformConfluentPlatformExample 2022-07-27T23:30:42Z logger.go:66:                           + timeoutSeconds      = (known after apply)
TestTerraformConfluentPlatformExample 2022-07-27T23:30:42Z logger.go:66:                         }
TestTerraformConfluentPlatformExample 2022-07-27T23:30:42Z logger.go:66:                     }
TestTerraformConfluentPlatformExample 2022-07-27T23:30:42Z logger.go:66:                   + resources                     = {
TestTerraformConfluentPlatformExample 2022-07-27T23:30:42Z logger.go:66:                       + limits   = (known after apply)
TestTerraformConfluentPlatformExample 2022-07-27T23:30:42Z logger.go:66:                       + requests = (known after apply)
TestTerraformConfluentPlatformExample 2022-07-27T23:30:42Z logger.go:66:                     }
TestTerraformConfluentPlatformExample 2022-07-27T23:30:42Z logger.go:66:                   + securityContext               = {
TestTerraformConfluentPlatformExample 2022-07-27T23:30:42Z logger.go:66:                       + allowPrivilegeEscalation = (known after apply)
TestTerraformConfluentPlatformExample 2022-07-27T23:30:42Z logger.go:66:                       + capabilities             = {
TestTerraformConfluentPlatformExample 2022-07-27T23:30:42Z logger.go:66:                           + add  = (known after apply)
TestTerraformConfluentPlatformExample 2022-07-27T23:30:42Z logger.go:66:                           + drop = (known after apply)
TestTerraformConfluentPlatformExample 2022-07-27T23:30:42Z logger.go:66:                         }
TestTerraformConfluentPlatformExample 2022-07-27T23:30:42Z logger.go:66:                       + privileged               = (known after apply)
TestTerraformConfluentPlatformExample 2022-07-27T23:30:42Z logger.go:66:                       + procMount                = (known after apply)
TestTerraformConfluentPlatformExample 2022-07-27T23:30:42Z logger.go:66:                       + readOnlyRootFilesystem   = (known after apply)
TestTerraformConfluentPlatformExample 2022-07-27T23:30:42Z logger.go:66:                       + runAsGroup               = (known after apply)
TestTerraformConfluentPlatformExample 2022-07-27T23:30:42Z logger.go:66:                       + runAsNonRoot             = (known after apply)
TestTerraformConfluentPlatformExample 2022-07-27T23:30:42Z logger.go:66:                       + runAsUser                = (known after apply)
TestTerraformConfluentPlatformExample 2022-07-27T23:30:42Z logger.go:66:                       + seLinuxOptions           = {
TestTerraformConfluentPlatformExample 2022-07-27T23:30:42Z logger.go:66:                           + level = (known after apply)
TestTerraformConfluentPlatformExample 2022-07-27T23:30:42Z logger.go:66:                           + role  = (known after apply)
TestTerraformConfluentPlatformExample 2022-07-27T23:30:42Z logger.go:66:                           + type  = (known after apply)
TestTerraformConfluentPlatformExample 2022-07-27T23:30:42Z logger.go:66:                           + user  = (known after apply)
TestTerraformConfluentPlatformExample 2022-07-27T23:30:42Z logger.go:66:                         }
TestTerraformConfluentPlatformExample 2022-07-27T23:30:42Z logger.go:66:                       + seccompProfile           = {
TestTerraformConfluentPlatformExample 2022-07-27T23:30:42Z logger.go:66:                           + localhostProfile = (known after apply)
TestTerraformConfluentPlatformExample 2022-07-27T23:30:42Z logger.go:66:                           + type             = (known after apply)
TestTerraformConfluentPlatformExample 2022-07-27T23:30:42Z logger.go:66:                         }
TestTerraformConfluentPlatformExample 2022-07-27T23:30:42Z logger.go:66:                       + windowsOptions           = {
TestTerraformConfluentPlatformExample 2022-07-27T23:30:42Z logger.go:66:                           + gmsaCredentialSpec     = (known after apply)
TestTerraformConfluentPlatformExample 2022-07-27T23:30:42Z logger.go:66:                           + gmsaCredentialSpecName = (known after apply)
TestTerraformConfluentPlatformExample 2022-07-27T23:30:42Z logger.go:66:                           + hostProcess            = (known after apply)
TestTerraformConfluentPlatformExample 2022-07-27T23:30:42Z logger.go:66:                           + runAsUserName          = (known after apply)
TestTerraformConfluentPlatformExample 2022-07-27T23:30:42Z logger.go:66:                         }
TestTerraformConfluentPlatformExample 2022-07-27T23:30:42Z logger.go:66:                     }
TestTerraformConfluentPlatformExample 2022-07-27T23:30:42Z logger.go:66:                   + serviceAccountName            = (known after apply)
TestTerraformConfluentPlatformExample 2022-07-27T23:30:42Z logger.go:66:                   + terminationGracePeriodSeconds = (known after apply)
TestTerraformConfluentPlatformExample 2022-07-27T23:30:42Z logger.go:66:                   + tolerations                   = (known after apply)
TestTerraformConfluentPlatformExample 2022-07-27T23:30:42Z logger.go:66:                   + topologySpreadConstraints     = (known after apply)
TestTerraformConfluentPlatformExample 2022-07-27T23:30:42Z logger.go:66:                 }
TestTerraformConfluentPlatformExample 2022-07-27T23:30:42Z logger.go:66:               + replicas                       = 1
TestTerraformConfluentPlatformExample 2022-07-27T23:30:42Z logger.go:66:               + storageClass                   = {
TestTerraformConfluentPlatformExample 2022-07-27T23:30:42Z logger.go:66:                   + name = (known after apply)
TestTerraformConfluentPlatformExample 2022-07-27T23:30:42Z logger.go:66:                 }
TestTerraformConfluentPlatformExample 2022-07-27T23:30:42Z logger.go:66:               + telemetry                      = {
TestTerraformConfluentPlatformExample 2022-07-27T23:30:42Z logger.go:66:                   + global = (known after apply)
TestTerraformConfluentPlatformExample 2022-07-27T23:30:42Z logger.go:66:                 }
TestTerraformConfluentPlatformExample 2022-07-27T23:30:42Z logger.go:66:               + tls                            = {
TestTerraformConfluentPlatformExample 2022-07-27T23:30:42Z logger.go:66:                   + autoGeneratedCerts       = (known after apply)
TestTerraformConfluentPlatformExample 2022-07-27T23:30:42Z logger.go:66:                   + directoryPathInContainer = (known after apply)
TestTerraformConfluentPlatformExample 2022-07-27T23:30:42Z logger.go:66:                   + ignoreTrustStoreConfig   = (known after apply)
TestTerraformConfluentPlatformExample 2022-07-27T23:30:42Z logger.go:66:                   + jksPassword              = {
TestTerraformConfluentPlatformExample 2022-07-27T23:30:42Z logger.go:66:                       + secretRef = (known after apply)
TestTerraformConfluentPlatformExample 2022-07-27T23:30:42Z logger.go:66:                     }
TestTerraformConfluentPlatformExample 2022-07-27T23:30:42Z logger.go:66:                   + secretRef                = (known after apply)
TestTerraformConfluentPlatformExample 2022-07-27T23:30:42Z logger.go:66:                 }
TestTerraformConfluentPlatformExample 2022-07-27T23:30:42Z logger.go:66:             }
TestTerraformConfluentPlatformExample 2022-07-27T23:30:42Z logger.go:66:         }
TestTerraformConfluentPlatformExample 2022-07-27T23:30:42Z logger.go:66:
TestTerraformConfluentPlatformExample 2022-07-27T23:30:42Z logger.go:66:       + timeouts {
TestTerraformConfluentPlatformExample 2022-07-27T23:30:42Z logger.go:66:           + create = "1h"
TestTerraformConfluentPlatformExample 2022-07-27T23:30:42Z logger.go:66:           + delete = "5m"
TestTerraformConfluentPlatformExample 2022-07-27T23:30:42Z logger.go:66:           + update = "1h"
TestTerraformConfluentPlatformExample 2022-07-27T23:30:42Z logger.go:66:         }
TestTerraformConfluentPlatformExample 2022-07-27T23:30:42Z logger.go:66:
TestTerraformConfluentPlatformExample 2022-07-27T23:30:42Z logger.go:66:       + wait {
TestTerraformConfluentPlatformExample 2022-07-27T23:30:42Z logger.go:66:           + fields = {
TestTerraformConfluentPlatformExample 2022-07-27T23:30:42Z logger.go:66:               + "status.phase" = "RUNNING"
TestTerraformConfluentPlatformExample 2022-07-27T23:30:42Z logger.go:66:             }
TestTerraformConfluentPlatformExample 2022-07-27T23:30:42Z logger.go:66:         }
TestTerraformConfluentPlatformExample 2022-07-27T23:30:42Z logger.go:66:     }
TestTerraformConfluentPlatformExample 2022-07-27T23:30:42Z logger.go:66:
TestTerraformConfluentPlatformExample 2022-07-27T23:30:42Z logger.go:66:   # module.confluent_platform.kubernetes_manifest.schemaregistry[0] will be created
TestTerraformConfluentPlatformExample 2022-07-27T23:30:42Z logger.go:66:   + resource "kubernetes_manifest" "schemaregistry" {
TestTerraformConfluentPlatformExample 2022-07-27T23:30:42Z logger.go:66:       + computed_fields = [
TestTerraformConfluentPlatformExample 2022-07-27T23:30:42Z logger.go:66:           + "metadata.finalizers",
TestTerraformConfluentPlatformExample 2022-07-27T23:30:42Z logger.go:66:         ]
TestTerraformConfluentPlatformExample 2022-07-27T23:30:42Z logger.go:66:       + manifest        = {
TestTerraformConfluentPlatformExample 2022-07-27T23:30:42Z logger.go:66:           + apiVersion = "platform.confluent.io/v1beta1"
TestTerraformConfluentPlatformExample 2022-07-27T23:30:42Z logger.go:66:           + kind       = "SchemaRegistry"
TestTerraformConfluentPlatformExample 2022-07-27T23:30:42Z logger.go:66:           + metadata   = {
TestTerraformConfluentPlatformExample 2022-07-27T23:30:42Z logger.go:66:               + name      = "schemaregistry"
TestTerraformConfluentPlatformExample 2022-07-27T23:30:42Z logger.go:66:               + namespace = "confluent"
TestTerraformConfluentPlatformExample 2022-07-27T23:30:42Z logger.go:66:             }
TestTerraformConfluentPlatformExample 2022-07-27T23:30:42Z logger.go:66:           + spec       = {
TestTerraformConfluentPlatformExample 2022-07-27T23:30:42Z logger.go:66:               + image    = {
TestTerraformConfluentPlatformExample 2022-07-27T23:30:42Z logger.go:66:                   + application = "confluentinc/cp-schema-registry:7.2.0"
TestTerraformConfluentPlatformExample 2022-07-27T23:30:42Z logger.go:66:                   + init        = "confluentinc/confluent-init-container:2.4.0"
TestTerraformConfluentPlatformExample 2022-07-27T23:30:42Z logger.go:66:                 }
TestTerraformConfluentPlatformExample 2022-07-27T23:30:42Z logger.go:66:               + replicas = 3
TestTerraformConfluentPlatformExample 2022-07-27T23:30:42Z logger.go:66:             }
TestTerraformConfluentPlatformExample 2022-07-27T23:30:42Z logger.go:66:         }
TestTerraformConfluentPlatformExample 2022-07-27T23:30:42Z logger.go:66:       + object          = {
TestTerraformConfluentPlatformExample 2022-07-27T23:30:42Z logger.go:66:           + apiVersion = "platform.confluent.io/v1beta1"
TestTerraformConfluentPlatformExample 2022-07-27T23:30:42Z logger.go:66:           + kind       = "SchemaRegistry"
TestTerraformConfluentPlatformExample 2022-07-27T23:30:42Z logger.go:66:           + metadata   = {
TestTerraformConfluentPlatformExample 2022-07-27T23:30:42Z logger.go:66:               + annotations                = (known after apply)
TestTerraformConfluentPlatformExample 2022-07-27T23:30:42Z logger.go:66:               + clusterName                = (known after apply)
TestTerraformConfluentPlatformExample 2022-07-27T23:30:42Z logger.go:66:               + creationTimestamp          = (known after apply)
TestTerraformConfluentPlatformExample 2022-07-27T23:30:42Z logger.go:66:               + deletionGracePeriodSeconds = (known after apply)
TestTerraformConfluentPlatformExample 2022-07-27T23:30:42Z logger.go:66:               + deletionTimestamp          = (known after apply)
TestTerraformConfluentPlatformExample 2022-07-27T23:30:42Z logger.go:66:               + finalizers                 = (known after apply)
TestTerraformConfluentPlatformExample 2022-07-27T23:30:42Z logger.go:66:               + generateName               = (known after apply)
TestTerraformConfluentPlatformExample 2022-07-27T23:30:42Z logger.go:66:               + generation                 = (known after apply)
TestTerraformConfluentPlatformExample 2022-07-27T23:30:42Z logger.go:66:               + labels                     = (known after apply)
TestTerraformConfluentPlatformExample 2022-07-27T23:30:42Z logger.go:66:               + managedFields              = (known after apply)
TestTerraformConfluentPlatformExample 2022-07-27T23:30:42Z logger.go:66:               + name                       = "schemaregistry"
TestTerraformConfluentPlatformExample 2022-07-27T23:30:42Z logger.go:66:               + namespace                  = "confluent"
TestTerraformConfluentPlatformExample 2022-07-27T23:30:42Z logger.go:66:               + ownerReferences            = (known after apply)
TestTerraformConfluentPlatformExample 2022-07-27T23:30:42Z logger.go:66:               + resourceVersion            = (known after apply)
TestTerraformConfluentPlatformExample 2022-07-27T23:30:42Z logger.go:66:               + selfLink                   = (known after apply)
TestTerraformConfluentPlatformExample 2022-07-27T23:30:42Z logger.go:66:               + uid                        = (known after apply)
TestTerraformConfluentPlatformExample 2022-07-27T23:30:42Z logger.go:66:             }
TestTerraformConfluentPlatformExample 2022-07-27T23:30:42Z logger.go:66:           + spec       = {
TestTerraformConfluentPlatformExample 2022-07-27T23:30:42Z logger.go:66:               + authentication                = {
TestTerraformConfluentPlatformExample 2022-07-27T23:30:42Z logger.go:66:                   + basic = {
TestTerraformConfluentPlatformExample 2022-07-27T23:30:42Z logger.go:66:                       + debug                    = (known after apply)
TestTerraformConfluentPlatformExample 2022-07-27T23:30:42Z logger.go:66:                       + directoryPathInContainer = (known after apply)
TestTerraformConfluentPlatformExample 2022-07-27T23:30:42Z logger.go:66:                       + restrictedRoles          = (known after apply)
TestTerraformConfluentPlatformExample 2022-07-27T23:30:42Z logger.go:66:                       + roles                    = (known after apply)
TestTerraformConfluentPlatformExample 2022-07-27T23:30:42Z logger.go:66:                       + secretRef                = (known after apply)
TestTerraformConfluentPlatformExample 2022-07-27T23:30:42Z logger.go:66:                     }
TestTerraformConfluentPlatformExample 2022-07-27T23:30:42Z logger.go:66:                   + type  = (known after apply)
TestTerraformConfluentPlatformExample 2022-07-27T23:30:42Z logger.go:66:                 }
TestTerraformConfluentPlatformExample 2022-07-27T23:30:42Z logger.go:66:               + authorization                 = {
TestTerraformConfluentPlatformExample 2022-07-27T23:30:42Z logger.go:66:                   + kafkaRestClassRef = {
TestTerraformConfluentPlatformExample 2022-07-27T23:30:42Z logger.go:66:                       + name      = (known after apply)
TestTerraformConfluentPlatformExample 2022-07-27T23:30:42Z logger.go:66:                       + namespace = (known after apply)
TestTerraformConfluentPlatformExample 2022-07-27T23:30:42Z logger.go:66:                     }
TestTerraformConfluentPlatformExample 2022-07-27T23:30:42Z logger.go:66:                   + type              = (known after apply)
TestTerraformConfluentPlatformExample 2022-07-27T23:30:42Z logger.go:66:                 }
TestTerraformConfluentPlatformExample 2022-07-27T23:30:42Z logger.go:66:               + configOverrides               = {
TestTerraformConfluentPlatformExample 2022-07-27T23:30:42Z logger.go:66:                   + jvm    = (known after apply)
TestTerraformConfluentPlatformExample 2022-07-27T23:30:42Z logger.go:66:                   + log4j  = (known after apply)
TestTerraformConfluentPlatformExample 2022-07-27T23:30:42Z logger.go:66:                   + server = (known after apply)
TestTerraformConfluentPlatformExample 2022-07-27T23:30:42Z logger.go:66:                 }
TestTerraformConfluentPlatformExample 2022-07-27T23:30:42Z logger.go:66:               + dependencies                  = {
TestTerraformConfluentPlatformExample 2022-07-27T23:30:42Z logger.go:66:                   + kafka = {
TestTerraformConfluentPlatformExample 2022-07-27T23:30:42Z logger.go:66:                       + authentication    = {
TestTerraformConfluentPlatformExample 2022-07-27T23:30:42Z logger.go:66:                           + jaasConfig            = {
TestTerraformConfluentPlatformExample 2022-07-27T23:30:42Z logger.go:66:                               + secretRef = (known after apply)
TestTerraformConfluentPlatformExample 2022-07-27T23:30:42Z logger.go:66:                             }
TestTerraformConfluentPlatformExample 2022-07-27T23:30:42Z logger.go:66:                           + jaasConfigPassThrough = {
TestTerraformConfluentPlatformExample 2022-07-27T23:30:42Z logger.go:66:                               + directoryPathInContainer = (known after apply)
TestTerraformConfluentPlatformExample 2022-07-27T23:30:42Z logger.go:66:                               + secretRef                = (known after apply)
TestTerraformConfluentPlatformExample 2022-07-27T23:30:42Z logger.go:66:                             }
TestTerraformConfluentPlatformExample 2022-07-27T23:30:42Z logger.go:66:                           + oauthbearer           = {
TestTerraformConfluentPlatformExample 2022-07-27T23:30:42Z logger.go:66:                               + directoryPathInContainer = (known after apply)
TestTerraformConfluentPlatformExample 2022-07-27T23:30:42Z logger.go:66:                               + secretRef                = (known after apply)
TestTerraformConfluentPlatformExample 2022-07-27T23:30:42Z logger.go:66:                             }
TestTerraformConfluentPlatformExample 2022-07-27T23:30:42Z logger.go:66:                           + type                  = (known after apply)
TestTerraformConfluentPlatformExample 2022-07-27T23:30:42Z logger.go:66:                         }
TestTerraformConfluentPlatformExample 2022-07-27T23:30:42Z logger.go:66:                       + bootstrapEndpoint = (known after apply)
TestTerraformConfluentPlatformExample 2022-07-27T23:30:42Z logger.go:66:                       + discovery         = {
TestTerraformConfluentPlatformExample 2022-07-27T23:30:42Z logger.go:66:                           + name      = (known after apply)
TestTerraformConfluentPlatformExample 2022-07-27T23:30:42Z logger.go:66:                           + namespace = (known after apply)
TestTerraformConfluentPlatformExample 2022-07-27T23:30:42Z logger.go:66:                           + secretRef = (known after apply)
TestTerraformConfluentPlatformExample 2022-07-27T23:30:42Z logger.go:66:                         }
TestTerraformConfluentPlatformExample 2022-07-27T23:30:42Z logger.go:66:                       + tls               = {
TestTerraformConfluentPlatformExample 2022-07-27T23:30:42Z logger.go:66:                           + directoryPathInContainer = (known after apply)
TestTerraformConfluentPlatformExample 2022-07-27T23:30:42Z logger.go:66:                           + enabled                  = (known after apply)
TestTerraformConfluentPlatformExample 2022-07-27T23:30:42Z logger.go:66:                           + ignoreTrustStoreConfig   = (known after apply)
TestTerraformConfluentPlatformExample 2022-07-27T23:30:42Z logger.go:66:                           + jksPassword              = {
TestTerraformConfluentPlatformExample 2022-07-27T23:30:42Z logger.go:66:                               + secretRef = (known after apply)
TestTerraformConfluentPlatformExample 2022-07-27T23:30:42Z logger.go:66:                             }
TestTerraformConfluentPlatformExample 2022-07-27T23:30:42Z logger.go:66:                           + secretRef                = (known after apply)
TestTerraformConfluentPlatformExample 2022-07-27T23:30:42Z logger.go:66:                         }
TestTerraformConfluentPlatformExample 2022-07-27T23:30:42Z logger.go:66:                     }
TestTerraformConfluentPlatformExample 2022-07-27T23:30:42Z logger.go:66:                   + mds   = {
TestTerraformConfluentPlatformExample 2022-07-27T23:30:42Z logger.go:66:                       + authentication = {
TestTerraformConfluentPlatformExample 2022-07-27T23:30:42Z logger.go:66:                           + bearer = {
TestTerraformConfluentPlatformExample 2022-07-27T23:30:42Z logger.go:66:                               + directoryPathInContainer = (known after apply)
TestTerraformConfluentPlatformExample 2022-07-27T23:30:42Z logger.go:66:                               + secretRef                = (known after apply)
TestTerraformConfluentPlatformExample 2022-07-27T23:30:42Z logger.go:66:                             }
TestTerraformConfluentPlatformExample 2022-07-27T23:30:42Z logger.go:66:                           + type   = (known after apply)
TestTerraformConfluentPlatformExample 2022-07-27T23:30:42Z logger.go:66:                         }
TestTerraformConfluentPlatformExample 2022-07-27T23:30:42Z logger.go:66:                       + endpoint       = (known after apply)
TestTerraformConfluentPlatformExample 2022-07-27T23:30:42Z logger.go:66:                       + tls            = {
TestTerraformConfluentPlatformExample 2022-07-27T23:30:42Z logger.go:66:                           + directoryPathInContainer = (known after apply)
TestTerraformConfluentPlatformExample 2022-07-27T23:30:42Z logger.go:66:                           + enabled                  = (known after apply)
TestTerraformConfluentPlatformExample 2022-07-27T23:30:42Z logger.go:66:                           + ignoreTrustStoreConfig   = (known after apply)
TestTerraformConfluentPlatformExample 2022-07-27T23:30:42Z logger.go:66:                           + jksPassword              = {
TestTerraformConfluentPlatformExample 2022-07-27T23:30:42Z logger.go:66:                               + secretRef = (known after apply)
TestTerraformConfluentPlatformExample 2022-07-27T23:30:42Z logger.go:66:                             }
TestTerraformConfluentPlatformExample 2022-07-27T23:30:42Z logger.go:66:                           + secretRef                = (known after apply)
TestTerraformConfluentPlatformExample 2022-07-27T23:30:42Z logger.go:66:                         }
TestTerraformConfluentPlatformExample 2022-07-27T23:30:42Z logger.go:66:                       + tokenKeyPair   = {
TestTerraformConfluentPlatformExample 2022-07-27T23:30:42Z logger.go:66:                           + directoryPathInContainer = (known after apply)
TestTerraformConfluentPlatformExample 2022-07-27T23:30:42Z logger.go:66:                           + secretRef                = (known after apply)
TestTerraformConfluentPlatformExample 2022-07-27T23:30:42Z logger.go:66:                         }
TestTerraformConfluentPlatformExample 2022-07-27T23:30:42Z logger.go:66:                     }
TestTerraformConfluentPlatformExample 2022-07-27T23:30:42Z logger.go:66:                 }
TestTerraformConfluentPlatformExample 2022-07-27T23:30:42Z logger.go:66:               + enableSchemaExporter          = (known after apply)
TestTerraformConfluentPlatformExample 2022-07-27T23:30:42Z logger.go:66:               + externalAccess                = {
TestTerraformConfluentPlatformExample 2022-07-27T23:30:42Z logger.go:66:                   + loadBalancer = {
TestTerraformConfluentPlatformExample 2022-07-27T23:30:42Z logger.go:66:                       + advertisedURL            = {
TestTerraformConfluentPlatformExample 2022-07-27T23:30:42Z logger.go:66:                           + enabled = (known after apply)
TestTerraformConfluentPlatformExample 2022-07-27T23:30:42Z logger.go:66:                           + prefix  = (known after apply)
TestTerraformConfluentPlatformExample 2022-07-27T23:30:42Z logger.go:66:                         }
TestTerraformConfluentPlatformExample 2022-07-27T23:30:42Z logger.go:66:                       + annotations              = (known after apply)
TestTerraformConfluentPlatformExample 2022-07-27T23:30:42Z logger.go:66:                       + domain                   = (known after apply)
TestTerraformConfluentPlatformExample 2022-07-27T23:30:42Z logger.go:66:                       + externalTrafficPolicy    = (known after apply)
TestTerraformConfluentPlatformExample 2022-07-27T23:30:42Z logger.go:66:                       + labels                   = (known after apply)
TestTerraformConfluentPlatformExample 2022-07-27T23:30:42Z logger.go:66:                       + loadBalancerSourceRanges = (known after apply)
TestTerraformConfluentPlatformExample 2022-07-27T23:30:42Z logger.go:66:                       + port                     = (known after apply)
TestTerraformConfluentPlatformExample 2022-07-27T23:30:42Z logger.go:66:                       + prefix                   = (known after apply)
TestTerraformConfluentPlatformExample 2022-07-27T23:30:42Z logger.go:66:                       + servicePorts             = (known after apply)
TestTerraformConfluentPlatformExample 2022-07-27T23:30:42Z logger.go:66:                       + sessionAffinity          = (known after apply)
TestTerraformConfluentPlatformExample 2022-07-27T23:30:42Z logger.go:66:                       + sessionAffinityConfig    = {
TestTerraformConfluentPlatformExample 2022-07-27T23:30:42Z logger.go:66:                           + clientIP = {
TestTerraformConfluentPlatformExample 2022-07-27T23:30:42Z logger.go:66:                               + timeoutSeconds = (known after apply)
TestTerraformConfluentPlatformExample 2022-07-27T23:30:42Z logger.go:66:                             }
TestTerraformConfluentPlatformExample 2022-07-27T23:30:42Z logger.go:66:                         }
TestTerraformConfluentPlatformExample 2022-07-27T23:30:42Z logger.go:66:                     }
TestTerraformConfluentPlatformExample 2022-07-27T23:30:42Z logger.go:66:                   + nodePort     = {
TestTerraformConfluentPlatformExample 2022-07-27T23:30:42Z logger.go:66:                       + advertisedURL         = {
TestTerraformConfluentPlatformExample 2022-07-27T23:30:42Z logger.go:66:                           + enabled = (known after apply)
TestTerraformConfluentPlatformExample 2022-07-27T23:30:42Z logger.go:66:                           + prefix  = (known after apply)
TestTerraformConfluentPlatformExample 2022-07-27T23:30:42Z logger.go:66:                         }
TestTerraformConfluentPlatformExample 2022-07-27T23:30:42Z logger.go:66:                       + annotations           = (known after apply)
TestTerraformConfluentPlatformExample 2022-07-27T23:30:42Z logger.go:66:                       + externalTrafficPolicy = (known after apply)
TestTerraformConfluentPlatformExample 2022-07-27T23:30:42Z logger.go:66:                       + host                  = (known after apply)
TestTerraformConfluentPlatformExample 2022-07-27T23:30:42Z logger.go:66:                       + labels                = (known after apply)
TestTerraformConfluentPlatformExample 2022-07-27T23:30:42Z logger.go:66:                       + nodePortOffset        = (known after apply)
TestTerraformConfluentPlatformExample 2022-07-27T23:30:42Z logger.go:66:                       + servicePorts          = (known after apply)
TestTerraformConfluentPlatformExample 2022-07-27T23:30:42Z logger.go:66:                       + sessionAffinity       = (known after apply)
TestTerraformConfluentPlatformExample 2022-07-27T23:30:42Z logger.go:66:                       + sessionAffinityConfig = {
TestTerraformConfluentPlatformExample 2022-07-27T23:30:42Z logger.go:66:                           + clientIP = {
TestTerraformConfluentPlatformExample 2022-07-27T23:30:42Z logger.go:66:                               + timeoutSeconds = (known after apply)
TestTerraformConfluentPlatformExample 2022-07-27T23:30:42Z logger.go:66:                             }
TestTerraformConfluentPlatformExample 2022-07-27T23:30:42Z logger.go:66:                         }
TestTerraformConfluentPlatformExample 2022-07-27T23:30:42Z logger.go:66:                     }
TestTerraformConfluentPlatformExample 2022-07-27T23:30:42Z logger.go:66:                   + route        = {
TestTerraformConfluentPlatformExample 2022-07-27T23:30:42Z logger.go:66:                       + annotations    = (known after apply)
TestTerraformConfluentPlatformExample 2022-07-27T23:30:42Z logger.go:66:                       + domain         = (known after apply)
TestTerraformConfluentPlatformExample 2022-07-27T23:30:42Z logger.go:66:                       + labels         = (known after apply)
TestTerraformConfluentPlatformExample 2022-07-27T23:30:42Z logger.go:66:                       + prefix         = (known after apply)
TestTerraformConfluentPlatformExample 2022-07-27T23:30:42Z logger.go:66:                       + wildcardPolicy = (known after apply)
TestTerraformConfluentPlatformExample 2022-07-27T23:30:42Z logger.go:66:                     }
TestTerraformConfluentPlatformExample 2022-07-27T23:30:42Z logger.go:66:                   + type         = (known after apply)
TestTerraformConfluentPlatformExample 2022-07-27T23:30:42Z logger.go:66:                 }
TestTerraformConfluentPlatformExample 2022-07-27T23:30:42Z logger.go:66:               + headlessService               = {
TestTerraformConfluentPlatformExample 2022-07-27T23:30:42Z logger.go:66:                   + annotations              = (known after apply)
TestTerraformConfluentPlatformExample 2022-07-27T23:30:42Z logger.go:66:                   + labels                   = (known after apply)
TestTerraformConfluentPlatformExample 2022-07-27T23:30:42Z logger.go:66:                   + publishNotReadyAddresses = (known after apply)
TestTerraformConfluentPlatformExample 2022-07-27T23:30:42Z logger.go:66:                 }
TestTerraformConfluentPlatformExample 2022-07-27T23:30:42Z logger.go:66:               + image                         = {
TestTerraformConfluentPlatformExample 2022-07-27T23:30:42Z logger.go:66:                   + application   = "confluentinc/cp-schema-registry:7.2.0"
TestTerraformConfluentPlatformExample 2022-07-27T23:30:42Z logger.go:66:                   + init          = "confluentinc/confluent-init-container:2.4.0"
TestTerraformConfluentPlatformExample 2022-07-27T23:30:42Z logger.go:66:                   + pullPolicy    = (known after apply)
TestTerraformConfluentPlatformExample 2022-07-27T23:30:42Z logger.go:66:                   + pullSecretRef = (known after apply)
TestTerraformConfluentPlatformExample 2022-07-27T23:30:42Z logger.go:66:                 }
TestTerraformConfluentPlatformExample 2022-07-27T23:30:42Z logger.go:66:               + injectAnnotations             = (known after apply)
TestTerraformConfluentPlatformExample 2022-07-27T23:30:42Z logger.go:66:               + injectLabels                  = (known after apply)
TestTerraformConfluentPlatformExample 2022-07-27T23:30:42Z logger.go:66:               + internalTopicReplicatorFactor = (known after apply)
TestTerraformConfluentPlatformExample 2022-07-27T23:30:42Z logger.go:66:               + k8sClusterDomain              = (known after apply)
TestTerraformConfluentPlatformExample 2022-07-27T23:30:42Z logger.go:66:               + license                       = {
TestTerraformConfluentPlatformExample 2022-07-27T23:30:42Z logger.go:66:                   + directoryPathInContainer = (known after apply)
TestTerraformConfluentPlatformExample 2022-07-27T23:30:42Z logger.go:66:                   + globalLicense            = (known after apply)
TestTerraformConfluentPlatformExample 2022-07-27T23:30:42Z logger.go:66:                   + secretRef                = (known after apply)
TestTerraformConfluentPlatformExample 2022-07-27T23:30:42Z logger.go:66:                 }
TestTerraformConfluentPlatformExample 2022-07-27T23:30:42Z logger.go:66:               + metrics                       = {
TestTerraformConfluentPlatformExample 2022-07-27T23:30:42Z logger.go:66:                   + authentication = {
TestTerraformConfluentPlatformExample 2022-07-27T23:30:42Z logger.go:66:                       + type = (known after apply)
TestTerraformConfluentPlatformExample 2022-07-27T23:30:42Z logger.go:66:                     }
TestTerraformConfluentPlatformExample 2022-07-27T23:30:42Z logger.go:66:                   + prometheus     = {
TestTerraformConfluentPlatformExample 2022-07-27T23:30:42Z logger.go:66:                       + blacklist = (known after apply)
TestTerraformConfluentPlatformExample 2022-07-27T23:30:42Z logger.go:66:                       + rules     = (known after apply)
TestTerraformConfluentPlatformExample 2022-07-27T23:30:42Z logger.go:66:                       + whitelist = (known after apply)
TestTerraformConfluentPlatformExample 2022-07-27T23:30:42Z logger.go:66:                     }
TestTerraformConfluentPlatformExample 2022-07-27T23:30:42Z logger.go:66:                   + tls            = {
TestTerraformConfluentPlatformExample 2022-07-27T23:30:42Z logger.go:66:                       + directoryPathInContainer = (known after apply)
TestTerraformConfluentPlatformExample 2022-07-27T23:30:42Z logger.go:66:                       + enabled                  = (known after apply)
TestTerraformConfluentPlatformExample 2022-07-27T23:30:42Z logger.go:66:                       + ignoreTrustStoreConfig   = (known after apply)
TestTerraformConfluentPlatformExample 2022-07-27T23:30:42Z logger.go:66:                       + jksPassword              = {
TestTerraformConfluentPlatformExample 2022-07-27T23:30:42Z logger.go:66:                           + secretRef = (known after apply)
TestTerraformConfluentPlatformExample 2022-07-27T23:30:42Z logger.go:66:                         }
TestTerraformConfluentPlatformExample 2022-07-27T23:30:42Z logger.go:66:                       + secretRef                = (known after apply)
TestTerraformConfluentPlatformExample 2022-07-27T23:30:42Z logger.go:66:                     }
TestTerraformConfluentPlatformExample 2022-07-27T23:30:42Z logger.go:66:                 }
TestTerraformConfluentPlatformExample 2022-07-27T23:30:42Z logger.go:66:               + mountedSecrets                = (known after apply)
TestTerraformConfluentPlatformExample 2022-07-27T23:30:42Z logger.go:66:               + mountedVolumes                = {
TestTerraformConfluentPlatformExample 2022-07-27T23:30:42Z logger.go:66:                   + volumeMounts = (known after apply)
TestTerraformConfluentPlatformExample 2022-07-27T23:30:42Z logger.go:66:                   + volumes      = (known after apply)
TestTerraformConfluentPlatformExample 2022-07-27T23:30:42Z logger.go:66:                 }
TestTerraformConfluentPlatformExample 2022-07-27T23:30:42Z logger.go:66:               + oneReplicaPerNode             = (known after apply)
TestTerraformConfluentPlatformExample 2022-07-27T23:30:42Z logger.go:66:               + passwordEncoder               = {
TestTerraformConfluentPlatformExample 2022-07-27T23:30:42Z logger.go:66:                   + directoryPathInContainer = (known after apply)
TestTerraformConfluentPlatformExample 2022-07-27T23:30:42Z logger.go:66:                   + secretRef                = (known after apply)
TestTerraformConfluentPlatformExample 2022-07-27T23:30:42Z logger.go:66:                 }
TestTerraformConfluentPlatformExample 2022-07-27T23:30:42Z logger.go:66:               + podTemplate                   = {
TestTerraformConfluentPlatformExample 2022-07-27T23:30:42Z logger.go:66:                   + affinity                      = {
TestTerraformConfluentPlatformExample 2022-07-27T23:30:42Z logger.go:66:                       + nodeAffinity    = {
TestTerraformConfluentPlatformExample 2022-07-27T23:30:42Z logger.go:66:                           + preferredDuringSchedulingIgnoredDuringExecution = (known after apply)
TestTerraformConfluentPlatformExample 2022-07-27T23:30:42Z logger.go:66:                           + requiredDuringSchedulingIgnoredDuringExecution  = {
TestTerraformConfluentPlatformExample 2022-07-27T23:30:42Z logger.go:66:                               + nodeSelectorTerms = (known after apply)
TestTerraformConfluentPlatformExample 2022-07-27T23:30:42Z logger.go:66:                             }
TestTerraformConfluentPlatformExample 2022-07-27T23:30:42Z logger.go:66:                         }
TestTerraformConfluentPlatformExample 2022-07-27T23:30:42Z logger.go:66:                       + podAffinity     = {
TestTerraformConfluentPlatformExample 2022-07-27T23:30:42Z logger.go:66:                           + preferredDuringSchedulingIgnoredDuringExecution = (known after apply)
TestTerraformConfluentPlatformExample 2022-07-27T23:30:42Z logger.go:66:                           + requiredDuringSchedulingIgnoredDuringExecution  = (known after apply)
TestTerraformConfluentPlatformExample 2022-07-27T23:30:42Z logger.go:66:                         }
TestTerraformConfluentPlatformExample 2022-07-27T23:30:42Z logger.go:66:                       + podAntiAffinity = {
TestTerraformConfluentPlatformExample 2022-07-27T23:30:42Z logger.go:66:                           + preferredDuringSchedulingIgnoredDuringExecution = (known after apply)
TestTerraformConfluentPlatformExample 2022-07-27T23:30:42Z logger.go:66:                           + requiredDuringSchedulingIgnoredDuringExecution  = (known after apply)
TestTerraformConfluentPlatformExample 2022-07-27T23:30:42Z logger.go:66:                         }
TestTerraformConfluentPlatformExample 2022-07-27T23:30:42Z logger.go:66:                     }
TestTerraformConfluentPlatformExample 2022-07-27T23:30:42Z logger.go:66:                   + annotations                   = (known after apply)
TestTerraformConfluentPlatformExample 2022-07-27T23:30:42Z logger.go:66:                   + envVars                       = (known after apply)
TestTerraformConfluentPlatformExample 2022-07-27T23:30:42Z logger.go:66:                   + labels                        = (known after apply)
TestTerraformConfluentPlatformExample 2022-07-27T23:30:42Z logger.go:66:                   + podSecurityContext            = {
TestTerraformConfluentPlatformExample 2022-07-27T23:30:42Z logger.go:66:                       + fsGroup             = (known after apply)
TestTerraformConfluentPlatformExample 2022-07-27T23:30:42Z logger.go:66:                       + fsGroupChangePolicy = (known after apply)
TestTerraformConfluentPlatformExample 2022-07-27T23:30:42Z logger.go:66:                       + runAsGroup          = (known after apply)
TestTerraformConfluentPlatformExample 2022-07-27T23:30:42Z logger.go:66:                       + runAsNonRoot        = (known after apply)
TestTerraformConfluentPlatformExample 2022-07-27T23:30:42Z logger.go:66:                       + runAsUser           = (known after apply)
TestTerraformConfluentPlatformExample 2022-07-27T23:30:42Z logger.go:66:                       + seLinuxOptions      = {
TestTerraformConfluentPlatformExample 2022-07-27T23:30:42Z logger.go:66:                           + level = (known after apply)
TestTerraformConfluentPlatformExample 2022-07-27T23:30:42Z logger.go:66:                           + role  = (known after apply)
TestTerraformConfluentPlatformExample 2022-07-27T23:30:42Z logger.go:66:                           + type  = (known after apply)
TestTerraformConfluentPlatformExample 2022-07-27T23:30:42Z logger.go:66:                           + user  = (known after apply)
TestTerraformConfluentPlatformExample 2022-07-27T23:30:42Z logger.go:66:                         }
TestTerraformConfluentPlatformExample 2022-07-27T23:30:42Z logger.go:66:                       + seccompProfile      = {
TestTerraformConfluentPlatformExample 2022-07-27T23:30:42Z logger.go:66:                           + localhostProfile = (known after apply)
TestTerraformConfluentPlatformExample 2022-07-27T23:30:42Z logger.go:66:                           + type             = (known after apply)
TestTerraformConfluentPlatformExample 2022-07-27T23:30:42Z logger.go:66:                         }
TestTerraformConfluentPlatformExample 2022-07-27T23:30:42Z logger.go:66:                       + supplementalGroups  = (known after apply)
TestTerraformConfluentPlatformExample 2022-07-27T23:30:42Z logger.go:66:                       + sysctls             = (known after apply)
TestTerraformConfluentPlatformExample 2022-07-27T23:30:42Z logger.go:66:                       + windowsOptions      = {
TestTerraformConfluentPlatformExample 2022-07-27T23:30:42Z logger.go:66:                           + gmsaCredentialSpec     = (known after apply)
TestTerraformConfluentPlatformExample 2022-07-27T23:30:42Z logger.go:66:                           + gmsaCredentialSpecName = (known after apply)
TestTerraformConfluentPlatformExample 2022-07-27T23:30:42Z logger.go:66:                           + hostProcess            = (known after apply)
TestTerraformConfluentPlatformExample 2022-07-27T23:30:42Z logger.go:66:                           + runAsUserName          = (known after apply)
TestTerraformConfluentPlatformExample 2022-07-27T23:30:42Z logger.go:66:                         }
TestTerraformConfluentPlatformExample 2022-07-27T23:30:42Z logger.go:66:                     }
TestTerraformConfluentPlatformExample 2022-07-27T23:30:42Z logger.go:66:                   + priorityClassName             = (known after apply)
TestTerraformConfluentPlatformExample 2022-07-27T23:30:42Z logger.go:66:                   + probe                         = {
TestTerraformConfluentPlatformExample 2022-07-27T23:30:42Z logger.go:66:                       + liveness  = {
TestTerraformConfluentPlatformExample 2022-07-27T23:30:42Z logger.go:66:                           + failureThreshold    = (known after apply)
TestTerraformConfluentPlatformExample 2022-07-27T23:30:42Z logger.go:66:                           + initialDelaySeconds = (known after apply)
TestTerraformConfluentPlatformExample 2022-07-27T23:30:42Z logger.go:66:                           + periodSeconds       = (known after apply)
TestTerraformConfluentPlatformExample 2022-07-27T23:30:42Z logger.go:66:                           + successThreshold    = (known after apply)
TestTerraformConfluentPlatformExample 2022-07-27T23:30:42Z logger.go:66:                           + timeoutSeconds      = (known after apply)
TestTerraformConfluentPlatformExample 2022-07-27T23:30:42Z logger.go:66:                         }
TestTerraformConfluentPlatformExample 2022-07-27T23:30:42Z logger.go:66:                       + readiness = {
TestTerraformConfluentPlatformExample 2022-07-27T23:30:42Z logger.go:66:                           + failureThreshold    = (known after apply)
TestTerraformConfluentPlatformExample 2022-07-27T23:30:42Z logger.go:66:                           + initialDelaySeconds = (known after apply)
TestTerraformConfluentPlatformExample 2022-07-27T23:30:42Z logger.go:66:                           + periodSeconds       = (known after apply)
TestTerraformConfluentPlatformExample 2022-07-27T23:30:42Z logger.go:66:                           + successThreshold    = (known after apply)
TestTerraformConfluentPlatformExample 2022-07-27T23:30:42Z logger.go:66:                           + timeoutSeconds      = (known after apply)
TestTerraformConfluentPlatformExample 2022-07-27T23:30:42Z logger.go:66:                         }
TestTerraformConfluentPlatformExample 2022-07-27T23:30:42Z logger.go:66:                     }
TestTerraformConfluentPlatformExample 2022-07-27T23:30:42Z logger.go:66:                   + resources                     = {
TestTerraformConfluentPlatformExample 2022-07-27T23:30:42Z logger.go:66:                       + limits   = (known after apply)
TestTerraformConfluentPlatformExample 2022-07-27T23:30:42Z logger.go:66:                       + requests = (known after apply)
TestTerraformConfluentPlatformExample 2022-07-27T23:30:42Z logger.go:66:                     }
TestTerraformConfluentPlatformExample 2022-07-27T23:30:42Z logger.go:66:                   + securityContext               = {
TestTerraformConfluentPlatformExample 2022-07-27T23:30:42Z logger.go:66:                       + allowPrivilegeEscalation = (known after apply)
TestTerraformConfluentPlatformExample 2022-07-27T23:30:42Z logger.go:66:                       + capabilities             = {
TestTerraformConfluentPlatformExample 2022-07-27T23:30:42Z logger.go:66:                           + add  = (known after apply)
TestTerraformConfluentPlatformExample 2022-07-27T23:30:42Z logger.go:66:                           + drop = (known after apply)
TestTerraformConfluentPlatformExample 2022-07-27T23:30:42Z logger.go:66:                         }
TestTerraformConfluentPlatformExample 2022-07-27T23:30:42Z logger.go:66:                       + privileged               = (known after apply)
TestTerraformConfluentPlatformExample 2022-07-27T23:30:42Z logger.go:66:                       + procMount                = (known after apply)
TestTerraformConfluentPlatformExample 2022-07-27T23:30:42Z logger.go:66:                       + readOnlyRootFilesystem   = (known after apply)
TestTerraformConfluentPlatformExample 2022-07-27T23:30:42Z logger.go:66:                       + runAsGroup               = (known after apply)
TestTerraformConfluentPlatformExample 2022-07-27T23:30:42Z logger.go:66:                       + runAsNonRoot             = (known after apply)
TestTerraformConfluentPlatformExample 2022-07-27T23:30:42Z logger.go:66:                       + runAsUser                = (known after apply)
TestTerraformConfluentPlatformExample 2022-07-27T23:30:42Z logger.go:66:                       + seLinuxOptions           = {
TestTerraformConfluentPlatformExample 2022-07-27T23:30:42Z logger.go:66:                           + level = (known after apply)
TestTerraformConfluentPlatformExample 2022-07-27T23:30:42Z logger.go:66:                           + role  = (known after apply)
TestTerraformConfluentPlatformExample 2022-07-27T23:30:42Z logger.go:66:                           + type  = (known after apply)
TestTerraformConfluentPlatformExample 2022-07-27T23:30:42Z logger.go:66:                           + user  = (known after apply)
TestTerraformConfluentPlatformExample 2022-07-27T23:30:42Z logger.go:66:                         }
TestTerraformConfluentPlatformExample 2022-07-27T23:30:42Z logger.go:66:                       + seccompProfile           = {
TestTerraformConfluentPlatformExample 2022-07-27T23:30:42Z logger.go:66:                           + localhostProfile = (known after apply)
TestTerraformConfluentPlatformExample 2022-07-27T23:30:42Z logger.go:66:                           + type             = (known after apply)
TestTerraformConfluentPlatformExample 2022-07-27T23:30:42Z logger.go:66:                         }
TestTerraformConfluentPlatformExample 2022-07-27T23:30:42Z logger.go:66:                       + windowsOptions           = {
TestTerraformConfluentPlatformExample 2022-07-27T23:30:42Z logger.go:66:                           + gmsaCredentialSpec     = (known after apply)
TestTerraformConfluentPlatformExample 2022-07-27T23:30:42Z logger.go:66:                           + gmsaCredentialSpecName = (known after apply)
TestTerraformConfluentPlatformExample 2022-07-27T23:30:42Z logger.go:66:                           + hostProcess            = (known after apply)
TestTerraformConfluentPlatformExample 2022-07-27T23:30:42Z logger.go:66:                           + runAsUserName          = (known after apply)
TestTerraformConfluentPlatformExample 2022-07-27T23:30:42Z logger.go:66:                         }
TestTerraformConfluentPlatformExample 2022-07-27T23:30:42Z logger.go:66:                     }
TestTerraformConfluentPlatformExample 2022-07-27T23:30:42Z logger.go:66:                   + serviceAccountName            = (known after apply)
TestTerraformConfluentPlatformExample 2022-07-27T23:30:42Z logger.go:66:                   + terminationGracePeriodSeconds = (known after apply)
TestTerraformConfluentPlatformExample 2022-07-27T23:30:42Z logger.go:66:                   + tolerations                   = (known after apply)
TestTerraformConfluentPlatformExample 2022-07-27T23:30:42Z logger.go:66:                   + topologySpreadConstraints     = (known after apply)
TestTerraformConfluentPlatformExample 2022-07-27T23:30:42Z logger.go:66:                 }
TestTerraformConfluentPlatformExample 2022-07-27T23:30:42Z logger.go:66:               + replicas                      = 3
TestTerraformConfluentPlatformExample 2022-07-27T23:30:42Z logger.go:66:               + telemetry                     = {
TestTerraformConfluentPlatformExample 2022-07-27T23:30:42Z logger.go:66:                   + global = (known after apply)
TestTerraformConfluentPlatformExample 2022-07-27T23:30:42Z logger.go:66:                 }
TestTerraformConfluentPlatformExample 2022-07-27T23:30:42Z logger.go:66:               + tls                           = {
TestTerraformConfluentPlatformExample 2022-07-27T23:30:42Z logger.go:66:                   + autoGeneratedCerts       = (known after apply)
TestTerraformConfluentPlatformExample 2022-07-27T23:30:42Z logger.go:66:                   + directoryPathInContainer = (known after apply)
TestTerraformConfluentPlatformExample 2022-07-27T23:30:42Z logger.go:66:                   + ignoreTrustStoreConfig   = (known after apply)
TestTerraformConfluentPlatformExample 2022-07-27T23:30:42Z logger.go:66:                   + jksPassword              = {
TestTerraformConfluentPlatformExample 2022-07-27T23:30:42Z logger.go:66:                       + secretRef = (known after apply)
TestTerraformConfluentPlatformExample 2022-07-27T23:30:42Z logger.go:66:                     }
TestTerraformConfluentPlatformExample 2022-07-27T23:30:43Z logger.go:66:                   + secretRef                = (known after apply)
TestTerraformConfluentPlatformExample 2022-07-27T23:30:43Z logger.go:66:                 }
TestTerraformConfluentPlatformExample 2022-07-27T23:30:43Z logger.go:66:             }
TestTerraformConfluentPlatformExample 2022-07-27T23:30:43Z logger.go:66:         }
TestTerraformConfluentPlatformExample 2022-07-27T23:30:43Z logger.go:66:
TestTerraformConfluentPlatformExample 2022-07-27T23:30:43Z logger.go:66:       + timeouts {
TestTerraformConfluentPlatformExample 2022-07-27T23:30:43Z logger.go:66:           + create = "1h"
TestTerraformConfluentPlatformExample 2022-07-27T23:30:43Z logger.go:66:           + delete = "5m"
TestTerraformConfluentPlatformExample 2022-07-27T23:30:43Z logger.go:66:           + update = "1h"
TestTerraformConfluentPlatformExample 2022-07-27T23:30:43Z logger.go:66:         }
TestTerraformConfluentPlatformExample 2022-07-27T23:30:43Z logger.go:66:
TestTerraformConfluentPlatformExample 2022-07-27T23:30:43Z logger.go:66:       + wait {
TestTerraformConfluentPlatformExample 2022-07-27T23:30:43Z logger.go:66:           + fields = {
TestTerraformConfluentPlatformExample 2022-07-27T23:30:43Z logger.go:66:               + "status.phase" = "RUNNING"
TestTerraformConfluentPlatformExample 2022-07-27T23:30:43Z logger.go:66:             }
TestTerraformConfluentPlatformExample 2022-07-27T23:30:43Z logger.go:66:         }
TestTerraformConfluentPlatformExample 2022-07-27T23:30:43Z logger.go:66:     }
TestTerraformConfluentPlatformExample 2022-07-27T23:30:43Z logger.go:66:
TestTerraformConfluentPlatformExample 2022-07-27T23:30:43Z logger.go:66:   # module.confluent_platform.kubernetes_manifest.zookeeper[0] will be created
TestTerraformConfluentPlatformExample 2022-07-27T23:30:43Z logger.go:66:   + resource "kubernetes_manifest" "zookeeper" {
TestTerraformConfluentPlatformExample 2022-07-27T23:30:43Z logger.go:66:       + computed_fields = [
TestTerraformConfluentPlatformExample 2022-07-27T23:30:43Z logger.go:66:           + "metadata.finalizers",
TestTerraformConfluentPlatformExample 2022-07-27T23:30:43Z logger.go:66:         ]
TestTerraformConfluentPlatformExample 2022-07-27T23:30:43Z logger.go:66:       + manifest        = {
TestTerraformConfluentPlatformExample 2022-07-27T23:30:43Z logger.go:66:           + apiVersion = "platform.confluent.io/v1beta1"
TestTerraformConfluentPlatformExample 2022-07-27T23:30:43Z logger.go:66:           + kind       = "Zookeeper"
TestTerraformConfluentPlatformExample 2022-07-27T23:30:43Z logger.go:66:           + metadata   = {
TestTerraformConfluentPlatformExample 2022-07-27T23:30:43Z logger.go:66:               + name      = "zookeeper"
TestTerraformConfluentPlatformExample 2022-07-27T23:30:43Z logger.go:66:               + namespace = "confluent"
TestTerraformConfluentPlatformExample 2022-07-27T23:30:43Z logger.go:66:             }
TestTerraformConfluentPlatformExample 2022-07-27T23:30:43Z logger.go:66:           + spec       = {
TestTerraformConfluentPlatformExample 2022-07-27T23:30:43Z logger.go:66:               + dataVolumeCapacity = "10Gi"
TestTerraformConfluentPlatformExample 2022-07-27T23:30:43Z logger.go:66:               + image              = {
TestTerraformConfluentPlatformExample 2022-07-27T23:30:43Z logger.go:66:                   + application = "confluentinc/cp-zookeeper:7.2.0"
TestTerraformConfluentPlatformExample 2022-07-27T23:30:43Z logger.go:66:                   + init        = "confluentinc/confluent-init-container:2.4.0"
TestTerraformConfluentPlatformExample 2022-07-27T23:30:43Z logger.go:66:                 }
TestTerraformConfluentPlatformExample 2022-07-27T23:30:43Z logger.go:66:               + logVolumeCapacity  = "10Gi"
TestTerraformConfluentPlatformExample 2022-07-27T23:30:43Z logger.go:66:               + replicas           = 3
TestTerraformConfluentPlatformExample 2022-07-27T23:30:43Z logger.go:66:             }
TestTerraformConfluentPlatformExample 2022-07-27T23:30:43Z logger.go:66:         }
TestTerraformConfluentPlatformExample 2022-07-27T23:30:43Z logger.go:66:       + object          = {
TestTerraformConfluentPlatformExample 2022-07-27T23:30:43Z logger.go:66:           + apiVersion = "platform.confluent.io/v1beta1"
TestTerraformConfluentPlatformExample 2022-07-27T23:30:43Z logger.go:66:           + kind       = "Zookeeper"
TestTerraformConfluentPlatformExample 2022-07-27T23:30:43Z logger.go:66:           + metadata   = {
TestTerraformConfluentPlatformExample 2022-07-27T23:30:43Z logger.go:66:               + annotations                = (known after apply)
TestTerraformConfluentPlatformExample 2022-07-27T23:30:43Z logger.go:66:               + clusterName                = (known after apply)
TestTerraformConfluentPlatformExample 2022-07-27T23:30:43Z logger.go:66:               + creationTimestamp          = (known after apply)
TestTerraformConfluentPlatformExample 2022-07-27T23:30:43Z logger.go:66:               + deletionGracePeriodSeconds = (known after apply)
TestTerraformConfluentPlatformExample 2022-07-27T23:30:43Z logger.go:66:               + deletionTimestamp          = (known after apply)
TestTerraformConfluentPlatformExample 2022-07-27T23:30:43Z logger.go:66:               + finalizers                 = (known after apply)
TestTerraformConfluentPlatformExample 2022-07-27T23:30:43Z logger.go:66:               + generateName               = (known after apply)
TestTerraformConfluentPlatformExample 2022-07-27T23:30:43Z logger.go:66:               + generation                 = (known after apply)
TestTerraformConfluentPlatformExample 2022-07-27T23:30:43Z logger.go:66:               + labels                     = (known after apply)
TestTerraformConfluentPlatformExample 2022-07-27T23:30:43Z logger.go:66:               + managedFields              = (known after apply)
TestTerraformConfluentPlatformExample 2022-07-27T23:30:43Z logger.go:66:               + name                       = "zookeeper"
TestTerraformConfluentPlatformExample 2022-07-27T23:30:43Z logger.go:66:               + namespace                  = "confluent"
TestTerraformConfluentPlatformExample 2022-07-27T23:30:43Z logger.go:66:               + ownerReferences            = (known after apply)
TestTerraformConfluentPlatformExample 2022-07-27T23:30:43Z logger.go:66:               + resourceVersion            = (known after apply)
TestTerraformConfluentPlatformExample 2022-07-27T23:30:43Z logger.go:66:               + selfLink                   = (known after apply)
TestTerraformConfluentPlatformExample 2022-07-27T23:30:43Z logger.go:66:               + uid                        = (known after apply)
TestTerraformConfluentPlatformExample 2022-07-27T23:30:43Z logger.go:66:             }
TestTerraformConfluentPlatformExample 2022-07-27T23:30:43Z logger.go:66:           + spec       = {
TestTerraformConfluentPlatformExample 2022-07-27T23:30:43Z logger.go:66:               + authentication     = {
TestTerraformConfluentPlatformExample 2022-07-27T23:30:43Z logger.go:66:                   + jaasConfig            = {
TestTerraformConfluentPlatformExample 2022-07-27T23:30:43Z logger.go:66:                       + secretRef = (known after apply)
TestTerraformConfluentPlatformExample 2022-07-27T23:30:43Z logger.go:66:                     }
TestTerraformConfluentPlatformExample 2022-07-27T23:30:43Z logger.go:66:                   + jaasConfigPassThrough = {
TestTerraformConfluentPlatformExample 2022-07-27T23:30:43Z logger.go:66:                       + directoryPathInContainer = (known after apply)
TestTerraformConfluentPlatformExample 2022-07-27T23:30:43Z logger.go:66:                       + secretRef                = (known after apply)
TestTerraformConfluentPlatformExample 2022-07-27T23:30:43Z logger.go:66:                     }
TestTerraformConfluentPlatformExample 2022-07-27T23:30:43Z logger.go:66:                   + principalMappingRules = (known after apply)
TestTerraformConfluentPlatformExample 2022-07-27T23:30:43Z logger.go:66:                   + type                  = (known after apply)
TestTerraformConfluentPlatformExample 2022-07-27T23:30:43Z logger.go:66:                 }
TestTerraformConfluentPlatformExample 2022-07-27T23:30:43Z logger.go:66:               + configOverrides    = {
TestTerraformConfluentPlatformExample 2022-07-27T23:30:43Z logger.go:66:                   + jvm    = (known after apply)
TestTerraformConfluentPlatformExample 2022-07-27T23:30:43Z logger.go:66:                   + log4j  = (known after apply)
TestTerraformConfluentPlatformExample 2022-07-27T23:30:43Z logger.go:66:                   + peers  = (known after apply)
TestTerraformConfluentPlatformExample 2022-07-27T23:30:43Z logger.go:66:                   + server = (known after apply)
TestTerraformConfluentPlatformExample 2022-07-27T23:30:43Z logger.go:66:                 }
TestTerraformConfluentPlatformExample 2022-07-27T23:30:43Z logger.go:66:               + dataVolumeCapacity = "10Gi"
TestTerraformConfluentPlatformExample 2022-07-27T23:30:43Z logger.go:66:               + headlessService    = {
TestTerraformConfluentPlatformExample 2022-07-27T23:30:43Z logger.go:66:                   + annotations              = (known after apply)
TestTerraformConfluentPlatformExample 2022-07-27T23:30:43Z logger.go:66:                   + labels                   = (known after apply)
TestTerraformConfluentPlatformExample 2022-07-27T23:30:43Z logger.go:66:                   + publishNotReadyAddresses = (known after apply)
TestTerraformConfluentPlatformExample 2022-07-27T23:30:43Z logger.go:66:                 }
TestTerraformConfluentPlatformExample 2022-07-27T23:30:43Z logger.go:66:               + image              = {
TestTerraformConfluentPlatformExample 2022-07-27T23:30:43Z logger.go:66:                   + application   = "confluentinc/cp-zookeeper:7.2.0"
TestTerraformConfluentPlatformExample 2022-07-27T23:30:43Z logger.go:66:                   + init          = "confluentinc/confluent-init-container:2.4.0"
TestTerraformConfluentPlatformExample 2022-07-27T23:30:43Z logger.go:66:                   + pullPolicy    = (known after apply)
TestTerraformConfluentPlatformExample 2022-07-27T23:30:43Z logger.go:66:                   + pullSecretRef = (known after apply)
TestTerraformConfluentPlatformExample 2022-07-27T23:30:43Z logger.go:66:                 }
TestTerraformConfluentPlatformExample 2022-07-27T23:30:43Z logger.go:66:               + injectAnnotations  = (known after apply)
TestTerraformConfluentPlatformExample 2022-07-27T23:30:43Z logger.go:66:               + injectLabels       = (known after apply)
TestTerraformConfluentPlatformExample 2022-07-27T23:30:43Z logger.go:66:               + k8sClusterDomain   = (known after apply)
TestTerraformConfluentPlatformExample 2022-07-27T23:30:43Z logger.go:66:               + license            = {
TestTerraformConfluentPlatformExample 2022-07-27T23:30:43Z logger.go:66:                   + directoryPathInContainer = (known after apply)
TestTerraformConfluentPlatformExample 2022-07-27T23:30:43Z logger.go:66:                   + globalLicense            = (known after apply)
TestTerraformConfluentPlatformExample 2022-07-27T23:30:43Z logger.go:66:                   + secretRef                = (known after apply)
TestTerraformConfluentPlatformExample 2022-07-27T23:30:43Z logger.go:66:                 }
TestTerraformConfluentPlatformExample 2022-07-27T23:30:43Z logger.go:66:               + logVolumeCapacity  = "10Gi"
TestTerraformConfluentPlatformExample 2022-07-27T23:30:43Z logger.go:66:               + metrics            = {
TestTerraformConfluentPlatformExample 2022-07-27T23:30:43Z logger.go:66:                   + authentication = {
TestTerraformConfluentPlatformExample 2022-07-27T23:30:43Z logger.go:66:                       + type = (known after apply)
TestTerraformConfluentPlatformExample 2022-07-27T23:30:43Z logger.go:66:                     }
TestTerraformConfluentPlatformExample 2022-07-27T23:30:43Z logger.go:66:                   + prometheus     = {
TestTerraformConfluentPlatformExample 2022-07-27T23:30:43Z logger.go:66:                       + blacklist = (known after apply)
TestTerraformConfluentPlatformExample 2022-07-27T23:30:43Z logger.go:66:                       + rules     = (known after apply)
TestTerraformConfluentPlatformExample 2022-07-27T23:30:43Z logger.go:66:                       + whitelist = (known after apply)
TestTerraformConfluentPlatformExample 2022-07-27T23:30:43Z logger.go:66:                     }
TestTerraformConfluentPlatformExample 2022-07-27T23:30:43Z logger.go:66:                   + tls            = {
TestTerraformConfluentPlatformExample 2022-07-27T23:30:43Z logger.go:66:                       + directoryPathInContainer = (known after apply)
TestTerraformConfluentPlatformExample 2022-07-27T23:30:43Z logger.go:66:                       + enabled                  = (known after apply)
TestTerraformConfluentPlatformExample 2022-07-27T23:30:43Z logger.go:66:                       + ignoreTrustStoreConfig   = (known after apply)
TestTerraformConfluentPlatformExample 2022-07-27T23:30:43Z logger.go:66:                       + jksPassword              = {
TestTerraformConfluentPlatformExample 2022-07-27T23:30:43Z logger.go:66:                           + secretRef = (known after apply)
TestTerraformConfluentPlatformExample 2022-07-27T23:30:43Z logger.go:66:                         }
TestTerraformConfluentPlatformExample 2022-07-27T23:30:43Z logger.go:66:                       + secretRef                = (known after apply)
TestTerraformConfluentPlatformExample 2022-07-27T23:30:43Z logger.go:66:                     }
TestTerraformConfluentPlatformExample 2022-07-27T23:30:43Z logger.go:66:                 }
TestTerraformConfluentPlatformExample 2022-07-27T23:30:43Z logger.go:66:               + mountedSecrets     = (known after apply)
TestTerraformConfluentPlatformExample 2022-07-27T23:30:43Z logger.go:66:               + mountedVolumes     = {
TestTerraformConfluentPlatformExample 2022-07-27T23:30:43Z logger.go:66:                   + volumeMounts = (known after apply)
TestTerraformConfluentPlatformExample 2022-07-27T23:30:43Z logger.go:66:                   + volumes      = (known after apply)
TestTerraformConfluentPlatformExample 2022-07-27T23:30:43Z logger.go:66:                 }
TestTerraformConfluentPlatformExample 2022-07-27T23:30:43Z logger.go:66:               + oneReplicaPerNode  = (known after apply)
TestTerraformConfluentPlatformExample 2022-07-27T23:30:43Z logger.go:66:               + podTemplate        = {
TestTerraformConfluentPlatformExample 2022-07-27T23:30:43Z logger.go:66:                   + affinity                      = {
TestTerraformConfluentPlatformExample 2022-07-27T23:30:43Z logger.go:66:                       + nodeAffinity    = {
TestTerraformConfluentPlatformExample 2022-07-27T23:30:43Z logger.go:66:                           + preferredDuringSchedulingIgnoredDuringExecution = (known after apply)
TestTerraformConfluentPlatformExample 2022-07-27T23:30:43Z logger.go:66:                           + requiredDuringSchedulingIgnoredDuringExecution  = {
TestTerraformConfluentPlatformExample 2022-07-27T23:30:43Z logger.go:66:                               + nodeSelectorTerms = (known after apply)
TestTerraformConfluentPlatformExample 2022-07-27T23:30:43Z logger.go:66:                             }
TestTerraformConfluentPlatformExample 2022-07-27T23:30:43Z logger.go:66:                         }
TestTerraformConfluentPlatformExample 2022-07-27T23:30:43Z logger.go:66:                       + podAffinity     = {
TestTerraformConfluentPlatformExample 2022-07-27T23:30:43Z logger.go:66:                           + preferredDuringSchedulingIgnoredDuringExecution = (known after apply)
TestTerraformConfluentPlatformExample 2022-07-27T23:30:43Z logger.go:66:                           + requiredDuringSchedulingIgnoredDuringExecution  = (known after apply)
TestTerraformConfluentPlatformExample 2022-07-27T23:30:43Z logger.go:66:                         }
TestTerraformConfluentPlatformExample 2022-07-27T23:30:43Z logger.go:66:                       + podAntiAffinity = {
TestTerraformConfluentPlatformExample 2022-07-27T23:30:43Z logger.go:66:                           + preferredDuringSchedulingIgnoredDuringExecution = (known after apply)
TestTerraformConfluentPlatformExample 2022-07-27T23:30:43Z logger.go:66:                           + requiredDuringSchedulingIgnoredDuringExecution  = (known after apply)
TestTerraformConfluentPlatformExample 2022-07-27T23:30:43Z logger.go:66:                         }
TestTerraformConfluentPlatformExample 2022-07-27T23:30:43Z logger.go:66:                     }
TestTerraformConfluentPlatformExample 2022-07-27T23:30:43Z logger.go:66:                   + annotations                   = (known after apply)
TestTerraformConfluentPlatformExample 2022-07-27T23:30:43Z logger.go:66:                   + envVars                       = (known after apply)
TestTerraformConfluentPlatformExample 2022-07-27T23:30:43Z logger.go:66:                   + labels                        = (known after apply)
TestTerraformConfluentPlatformExample 2022-07-27T23:30:43Z logger.go:66:                   + podSecurityContext            = {
TestTerraformConfluentPlatformExample 2022-07-27T23:30:43Z logger.go:66:                       + fsGroup             = (known after apply)
TestTerraformConfluentPlatformExample 2022-07-27T23:30:43Z logger.go:66:                       + fsGroupChangePolicy = (known after apply)
TestTerraformConfluentPlatformExample 2022-07-27T23:30:43Z logger.go:66:                       + runAsGroup          = (known after apply)
TestTerraformConfluentPlatformExample 2022-07-27T23:30:43Z logger.go:66:                       + runAsNonRoot        = (known after apply)
TestTerraformConfluentPlatformExample 2022-07-27T23:30:43Z logger.go:66:                       + runAsUser           = (known after apply)
TestTerraformConfluentPlatformExample 2022-07-27T23:30:43Z logger.go:66:                       + seLinuxOptions      = {
TestTerraformConfluentPlatformExample 2022-07-27T23:30:43Z logger.go:66:                           + level = (known after apply)
TestTerraformConfluentPlatformExample 2022-07-27T23:30:43Z logger.go:66:                           + role  = (known after apply)
TestTerraformConfluentPlatformExample 2022-07-27T23:30:43Z logger.go:66:                           + type  = (known after apply)
TestTerraformConfluentPlatformExample 2022-07-27T23:30:43Z logger.go:66:                           + user  = (known after apply)
TestTerraformConfluentPlatformExample 2022-07-27T23:30:43Z logger.go:66:                         }
TestTerraformConfluentPlatformExample 2022-07-27T23:30:43Z logger.go:66:                       + seccompProfile      = {
TestTerraformConfluentPlatformExample 2022-07-27T23:30:43Z logger.go:66:                           + localhostProfile = (known after apply)
TestTerraformConfluentPlatformExample 2022-07-27T23:30:43Z logger.go:66:                           + type             = (known after apply)
TestTerraformConfluentPlatformExample 2022-07-27T23:30:43Z logger.go:66:                         }
TestTerraformConfluentPlatformExample 2022-07-27T23:30:43Z logger.go:66:                       + supplementalGroups  = (known after apply)
TestTerraformConfluentPlatformExample 2022-07-27T23:30:43Z logger.go:66:                       + sysctls             = (known after apply)
TestTerraformConfluentPlatformExample 2022-07-27T23:30:43Z logger.go:66:                       + windowsOptions      = {
TestTerraformConfluentPlatformExample 2022-07-27T23:30:43Z logger.go:66:                           + gmsaCredentialSpec     = (known after apply)
TestTerraformConfluentPlatformExample 2022-07-27T23:30:43Z logger.go:66:                           + gmsaCredentialSpecName = (known after apply)
TestTerraformConfluentPlatformExample 2022-07-27T23:30:43Z logger.go:66:                           + hostProcess            = (known after apply)
TestTerraformConfluentPlatformExample 2022-07-27T23:30:43Z logger.go:66:                           + runAsUserName          = (known after apply)
TestTerraformConfluentPlatformExample 2022-07-27T23:30:43Z logger.go:66:                         }
TestTerraformConfluentPlatformExample 2022-07-27T23:30:43Z logger.go:66:                     }
TestTerraformConfluentPlatformExample 2022-07-27T23:30:43Z logger.go:66:                   + priorityClassName             = (known after apply)
TestTerraformConfluentPlatformExample 2022-07-27T23:30:43Z logger.go:66:                   + probe                         = {
TestTerraformConfluentPlatformExample 2022-07-27T23:30:43Z logger.go:66:                       + liveness  = {
TestTerraformConfluentPlatformExample 2022-07-27T23:30:43Z logger.go:66:                           + failureThreshold    = (known after apply)
TestTerraformConfluentPlatformExample 2022-07-27T23:30:43Z logger.go:66:                           + initialDelaySeconds = (known after apply)
TestTerraformConfluentPlatformExample 2022-07-27T23:30:43Z logger.go:66:                           + periodSeconds       = (known after apply)
TestTerraformConfluentPlatformExample 2022-07-27T23:30:43Z logger.go:66:                           + successThreshold    = (known after apply)
TestTerraformConfluentPlatformExample 2022-07-27T23:30:43Z logger.go:66:                           + timeoutSeconds      = (known after apply)
TestTerraformConfluentPlatformExample 2022-07-27T23:30:43Z logger.go:66:                         }
TestTerraformConfluentPlatformExample 2022-07-27T23:30:43Z logger.go:66:                       + readiness = {
TestTerraformConfluentPlatformExample 2022-07-27T23:30:43Z logger.go:66:                           + failureThreshold    = (known after apply)
TestTerraformConfluentPlatformExample 2022-07-27T23:30:43Z logger.go:66:                           + initialDelaySeconds = (known after apply)
TestTerraformConfluentPlatformExample 2022-07-27T23:30:43Z logger.go:66:                           + periodSeconds       = (known after apply)
TestTerraformConfluentPlatformExample 2022-07-27T23:30:43Z logger.go:66:                           + successThreshold    = (known after apply)
TestTerraformConfluentPlatformExample 2022-07-27T23:30:43Z logger.go:66:                           + timeoutSeconds      = (known after apply)
TestTerraformConfluentPlatformExample 2022-07-27T23:30:43Z logger.go:66:                         }
TestTerraformConfluentPlatformExample 2022-07-27T23:30:43Z logger.go:66:                     }
TestTerraformConfluentPlatformExample 2022-07-27T23:30:43Z logger.go:66:                   + resources                     = {
TestTerraformConfluentPlatformExample 2022-07-27T23:30:43Z logger.go:66:                       + limits   = (known after apply)
TestTerraformConfluentPlatformExample 2022-07-27T23:30:43Z logger.go:66:                       + requests = (known after apply)
TestTerraformConfluentPlatformExample 2022-07-27T23:30:43Z logger.go:66:                     }
TestTerraformConfluentPlatformExample 2022-07-27T23:30:43Z logger.go:66:                   + securityContext               = {
TestTerraformConfluentPlatformExample 2022-07-27T23:30:43Z logger.go:66:                       + allowPrivilegeEscalation = (known after apply)
TestTerraformConfluentPlatformExample 2022-07-27T23:30:43Z logger.go:66:                       + capabilities             = {
TestTerraformConfluentPlatformExample 2022-07-27T23:30:43Z logger.go:66:                           + add  = (known after apply)
TestTerraformConfluentPlatformExample 2022-07-27T23:30:43Z logger.go:66:                           + drop = (known after apply)
TestTerraformConfluentPlatformExample 2022-07-27T23:30:43Z logger.go:66:                         }
TestTerraformConfluentPlatformExample 2022-07-27T23:30:43Z logger.go:66:                       + privileged               = (known after apply)
TestTerraformConfluentPlatformExample 2022-07-27T23:30:43Z logger.go:66:                       + procMount                = (known after apply)
TestTerraformConfluentPlatformExample 2022-07-27T23:30:43Z logger.go:66:                       + readOnlyRootFilesystem   = (known after apply)
TestTerraformConfluentPlatformExample 2022-07-27T23:30:43Z logger.go:66:                       + runAsGroup               = (known after apply)
TestTerraformConfluentPlatformExample 2022-07-27T23:30:43Z logger.go:66:                       + runAsNonRoot             = (known after apply)
TestTerraformConfluentPlatformExample 2022-07-27T23:30:43Z logger.go:66:                       + runAsUser                = (known after apply)
TestTerraformConfluentPlatformExample 2022-07-27T23:30:43Z logger.go:66:                       + seLinuxOptions           = {
TestTerraformConfluentPlatformExample 2022-07-27T23:30:43Z logger.go:66:                           + level = (known after apply)
TestTerraformConfluentPlatformExample 2022-07-27T23:30:43Z logger.go:66:                           + role  = (known after apply)
TestTerraformConfluentPlatformExample 2022-07-27T23:30:43Z logger.go:66:                           + type  = (known after apply)
TestTerraformConfluentPlatformExample 2022-07-27T23:30:43Z logger.go:66:                           + user  = (known after apply)
TestTerraformConfluentPlatformExample 2022-07-27T23:30:43Z logger.go:66:                         }
TestTerraformConfluentPlatformExample 2022-07-27T23:30:43Z logger.go:66:                       + seccompProfile           = {
TestTerraformConfluentPlatformExample 2022-07-27T23:30:43Z logger.go:66:                           + localhostProfile = (known after apply)
TestTerraformConfluentPlatformExample 2022-07-27T23:30:43Z logger.go:66:                           + type             = (known after apply)
TestTerraformConfluentPlatformExample 2022-07-27T23:30:43Z logger.go:66:                         }
TestTerraformConfluentPlatformExample 2022-07-27T23:30:43Z logger.go:66:                       + windowsOptions           = {
TestTerraformConfluentPlatformExample 2022-07-27T23:30:43Z logger.go:66:                           + gmsaCredentialSpec     = (known after apply)
TestTerraformConfluentPlatformExample 2022-07-27T23:30:43Z logger.go:66:                           + gmsaCredentialSpecName = (known after apply)
TestTerraformConfluentPlatformExample 2022-07-27T23:30:43Z logger.go:66:                           + hostProcess            = (known after apply)
TestTerraformConfluentPlatformExample 2022-07-27T23:30:43Z logger.go:66:                           + runAsUserName          = (known after apply)
TestTerraformConfluentPlatformExample 2022-07-27T23:30:43Z logger.go:66:                         }
TestTerraformConfluentPlatformExample 2022-07-27T23:30:43Z logger.go:66:                     }
TestTerraformConfluentPlatformExample 2022-07-27T23:30:43Z logger.go:66:                   + serviceAccountName            = (known after apply)
TestTerraformConfluentPlatformExample 2022-07-27T23:30:43Z logger.go:66:                   + terminationGracePeriodSeconds = (known after apply)
TestTerraformConfluentPlatformExample 2022-07-27T23:30:43Z logger.go:66:                   + tolerations                   = (known after apply)
TestTerraformConfluentPlatformExample 2022-07-27T23:30:43Z logger.go:66:                   + topologySpreadConstraints     = (known after apply)
TestTerraformConfluentPlatformExample 2022-07-27T23:30:43Z logger.go:66:                 }
TestTerraformConfluentPlatformExample 2022-07-27T23:30:43Z logger.go:66:               + replicas           = 3
TestTerraformConfluentPlatformExample 2022-07-27T23:30:43Z logger.go:66:               + storageClass       = {
TestTerraformConfluentPlatformExample 2022-07-27T23:30:43Z logger.go:66:                   + name = (known after apply)
TestTerraformConfluentPlatformExample 2022-07-27T23:30:43Z logger.go:66:                 }
TestTerraformConfluentPlatformExample 2022-07-27T23:30:43Z logger.go:66:               + tls                = {
TestTerraformConfluentPlatformExample 2022-07-27T23:30:43Z logger.go:66:                   + autoGeneratedCerts       = (known after apply)
TestTerraformConfluentPlatformExample 2022-07-27T23:30:43Z logger.go:66:                   + directoryPathInContainer = (known after apply)
TestTerraformConfluentPlatformExample 2022-07-27T23:30:43Z logger.go:66:                   + ignoreTrustStoreConfig   = (known after apply)
TestTerraformConfluentPlatformExample 2022-07-27T23:30:43Z logger.go:66:                   + jksPassword              = {
TestTerraformConfluentPlatformExample 2022-07-27T23:30:43Z logger.go:66:                       + secretRef = (known after apply)
TestTerraformConfluentPlatformExample 2022-07-27T23:30:43Z logger.go:66:                     }
TestTerraformConfluentPlatformExample 2022-07-27T23:30:43Z logger.go:66:                   + secretRef                = (known after apply)
TestTerraformConfluentPlatformExample 2022-07-27T23:30:43Z logger.go:66:                 }
TestTerraformConfluentPlatformExample 2022-07-27T23:30:43Z logger.go:66:             }
TestTerraformConfluentPlatformExample 2022-07-27T23:30:43Z logger.go:66:         }
TestTerraformConfluentPlatformExample 2022-07-27T23:30:43Z logger.go:66:
TestTerraformConfluentPlatformExample 2022-07-27T23:30:43Z logger.go:66:       + timeouts {
TestTerraformConfluentPlatformExample 2022-07-27T23:30:43Z logger.go:66:           + create = "1h"
TestTerraformConfluentPlatformExample 2022-07-27T23:30:43Z logger.go:66:           + delete = "5m"
TestTerraformConfluentPlatformExample 2022-07-27T23:30:43Z logger.go:66:           + update = "1h"
TestTerraformConfluentPlatformExample 2022-07-27T23:30:43Z logger.go:66:         }
TestTerraformConfluentPlatformExample 2022-07-27T23:30:43Z logger.go:66:
TestTerraformConfluentPlatformExample 2022-07-27T23:30:43Z logger.go:66:       + wait {
TestTerraformConfluentPlatformExample 2022-07-27T23:30:43Z logger.go:66:           + fields = {
TestTerraformConfluentPlatformExample 2022-07-27T23:30:43Z logger.go:66:               + "status.phase" = "RUNNING"
TestTerraformConfluentPlatformExample 2022-07-27T23:30:43Z logger.go:66:             }
TestTerraformConfluentPlatformExample 2022-07-27T23:30:43Z logger.go:66:         }
TestTerraformConfluentPlatformExample 2022-07-27T23:30:43Z logger.go:66:     }
TestTerraformConfluentPlatformExample 2022-07-27T23:30:43Z logger.go:66:
TestTerraformConfluentPlatformExample 2022-07-27T23:30:43Z logger.go:66: Plan: 7 to add, 0 to change, 0 to destroy.
TestTerraformConfluentPlatformExample 2022-07-27T23:30:43Z logger.go:66:
TestTerraformConfluentPlatformExample 2022-07-27T23:30:43Z logger.go:66: Changes to Outputs:
TestTerraformConfluentPlatformExample 2022-07-27T23:30:43Z logger.go:66:   + connect        = {
TestTerraformConfluentPlatformExample 2022-07-27T23:30:43Z logger.go:66:       + apiVersion = "platform.confluent.io/v1beta1"
TestTerraformConfluentPlatformExample 2022-07-27T23:30:43Z logger.go:66:       + kind       = "Connect"
TestTerraformConfluentPlatformExample 2022-07-27T23:30:43Z logger.go:66:       + metadata   = {
TestTerraformConfluentPlatformExample 2022-07-27T23:30:43Z logger.go:66:           + name      = "connect"
TestTerraformConfluentPlatformExample 2022-07-27T23:30:43Z logger.go:66:           + namespace = "confluent"
TestTerraformConfluentPlatformExample 2022-07-27T23:30:43Z logger.go:66:         }
TestTerraformConfluentPlatformExample 2022-07-27T23:30:43Z logger.go:66:       + spec       = {
TestTerraformConfluentPlatformExample 2022-07-27T23:30:43Z logger.go:66:           + dependencies = {
TestTerraformConfluentPlatformExample 2022-07-27T23:30:43Z logger.go:66:               + kafka = {
TestTerraformConfluentPlatformExample 2022-07-27T23:30:43Z logger.go:66:                   + bootstrapEndpoint = "kafka:9071"
TestTerraformConfluentPlatformExample 2022-07-27T23:30:43Z logger.go:66:                 }
TestTerraformConfluentPlatformExample 2022-07-27T23:30:43Z logger.go:66:             }
TestTerraformConfluentPlatformExample 2022-07-27T23:30:43Z logger.go:66:           + image        = {
TestTerraformConfluentPlatformExample 2022-07-27T23:30:43Z logger.go:66:               + application = "confluentinc/cp-server-connect:7.2.0"
TestTerraformConfluentPlatformExample 2022-07-27T23:30:43Z logger.go:66:               + init        = "confluentinc/confluent-init-container:2.4.0"
TestTerraformConfluentPlatformExample 2022-07-27T23:30:43Z logger.go:66:             }
TestTerraformConfluentPlatformExample 2022-07-27T23:30:43Z logger.go:66:           + replicas     = 1
TestTerraformConfluentPlatformExample 2022-07-27T23:30:43Z logger.go:66:         }
TestTerraformConfluentPlatformExample 2022-07-27T23:30:43Z logger.go:66:     }
TestTerraformConfluentPlatformExample 2022-07-27T23:30:43Z logger.go:66:   + controlcenter  = {
TestTerraformConfluentPlatformExample 2022-07-27T23:30:43Z logger.go:66:       + apiVersion = "platform.confluent.io/v1beta1"
TestTerraformConfluentPlatformExample 2022-07-27T23:30:43Z logger.go:66:       + kind       = "ControlCenter"
TestTerraformConfluentPlatformExample 2022-07-27T23:30:43Z logger.go:66:       + metadata   = {
TestTerraformConfluentPlatformExample 2022-07-27T23:30:43Z logger.go:66:           + name      = "controlcenter"
TestTerraformConfluentPlatformExample 2022-07-27T23:30:43Z logger.go:66:           + namespace = "confluent"
TestTerraformConfluentPlatformExample 2022-07-27T23:30:43Z logger.go:66:         }
TestTerraformConfluentPlatformExample 2022-07-27T23:30:43Z logger.go:66:       + spec       = {
TestTerraformConfluentPlatformExample 2022-07-27T23:30:43Z logger.go:66:           + dataVolumeCapacity = "10Gi"
TestTerraformConfluentPlatformExample 2022-07-27T23:30:43Z logger.go:66:           + dependencies       = {
TestTerraformConfluentPlatformExample 2022-07-27T23:30:43Z logger.go:66:               + connect        = [
TestTerraformConfluentPlatformExample 2022-07-27T23:30:43Z logger.go:66:                   + {
TestTerraformConfluentPlatformExample 2022-07-27T23:30:43Z logger.go:66:                       + name = "connect"
TestTerraformConfluentPlatformExample 2022-07-27T23:30:43Z logger.go:66:                       + url  = "http://connect.confluent.svc.cluster.local:8083"
TestTerraformConfluentPlatformExample 2022-07-27T23:30:43Z logger.go:66:                     },
TestTerraformConfluentPlatformExample 2022-07-27T23:30:43Z logger.go:66:                 ]
TestTerraformConfluentPlatformExample 2022-07-27T23:30:43Z logger.go:66:               + ksqldb         = [
TestTerraformConfluentPlatformExample 2022-07-27T23:30:43Z logger.go:66:                   + {
TestTerraformConfluentPlatformExample 2022-07-27T23:30:43Z logger.go:66:                       + name = "ksqldb"
TestTerraformConfluentPlatformExample 2022-07-27T23:30:43Z logger.go:66:                       + url  = "http://ksqldb.confluent.svc.cluster.local:8088"
TestTerraformConfluentPlatformExample 2022-07-27T23:30:43Z logger.go:66:                     },
TestTerraformConfluentPlatformExample 2022-07-27T23:30:43Z logger.go:66:                 ]
TestTerraformConfluentPlatformExample 2022-07-27T23:30:43Z logger.go:66:               + schemaRegistry = {
TestTerraformConfluentPlatformExample 2022-07-27T23:30:43Z logger.go:66:                   + url = "http://schemaregistry.confluent.svc.cluster.local:8081"
TestTerraformConfluentPlatformExample 2022-07-27T23:30:43Z logger.go:66:                 }
TestTerraformConfluentPlatformExample 2022-07-27T23:30:43Z logger.go:66:             }
TestTerraformConfluentPlatformExample 2022-07-27T23:30:43Z logger.go:66:           + image              = {
TestTerraformConfluentPlatformExample 2022-07-27T23:30:43Z logger.go:66:               + application = "confluentinc/cp-enterprise-control-center:7.2.0"
TestTerraformConfluentPlatformExample 2022-07-27T23:30:43Z logger.go:66:               + init        = "confluentinc/confluent-init-container:2.4.0"
TestTerraformConfluentPlatformExample 2022-07-27T23:30:43Z logger.go:66:             }
TestTerraformConfluentPlatformExample 2022-07-27T23:30:43Z logger.go:66:           + replicas           = 1
TestTerraformConfluentPlatformExample 2022-07-27T23:30:43Z logger.go:66:         }
TestTerraformConfluentPlatformExample 2022-07-27T23:30:43Z logger.go:66:     }
TestTerraformConfluentPlatformExample 2022-07-27T23:30:43Z logger.go:66:   + kafka          = {
TestTerraformConfluentPlatformExample 2022-07-27T23:30:43Z logger.go:66:       + apiVersion = "platform.confluent.io/v1beta1"
TestTerraformConfluentPlatformExample 2022-07-27T23:30:43Z logger.go:66:       + kind       = "Kafka"
TestTerraformConfluentPlatformExample 2022-07-27T23:30:43Z logger.go:66:       + metadata   = {
TestTerraformConfluentPlatformExample 2022-07-27T23:30:43Z logger.go:66:           + name      = "kafka"
TestTerraformConfluentPlatformExample 2022-07-27T23:30:43Z logger.go:66:           + namespace = "confluent"
TestTerraformConfluentPlatformExample 2022-07-27T23:30:43Z logger.go:66:         }
TestTerraformConfluentPlatformExample 2022-07-27T23:30:43Z logger.go:66:       + spec       = {
TestTerraformConfluentPlatformExample 2022-07-27T23:30:43Z logger.go:66:           + dataVolumeCapacity = "10Gi"
TestTerraformConfluentPlatformExample 2022-07-27T23:30:43Z logger.go:66:           + image              = {
TestTerraformConfluentPlatformExample 2022-07-27T23:30:43Z logger.go:66:               + application = "confluentinc/cp-server:7.2.0"
TestTerraformConfluentPlatformExample 2022-07-27T23:30:43Z logger.go:66:               + init        = "confluentinc/confluent-init-container:2.4.0"
TestTerraformConfluentPlatformExample 2022-07-27T23:30:43Z logger.go:66:             }
TestTerraformConfluentPlatformExample 2022-07-27T23:30:43Z logger.go:66:           + metricReporter     = {
TestTerraformConfluentPlatformExample 2022-07-27T23:30:43Z logger.go:66:               + enabled = true
TestTerraformConfluentPlatformExample 2022-07-27T23:30:43Z logger.go:66:             }
TestTerraformConfluentPlatformExample 2022-07-27T23:30:43Z logger.go:66:           + replicas           = 3
TestTerraformConfluentPlatformExample 2022-07-27T23:30:43Z logger.go:66:         }
TestTerraformConfluentPlatformExample 2022-07-27T23:30:43Z logger.go:66:     }
TestTerraformConfluentPlatformExample 2022-07-27T23:30:43Z logger.go:66:   + kafkarestproxy = {
TestTerraformConfluentPlatformExample 2022-07-27T23:30:43Z logger.go:66:       + apiVersion = "platform.confluent.io/v1beta1"
TestTerraformConfluentPlatformExample 2022-07-27T23:30:43Z logger.go:66:       + kind       = "KafkaRestProxy"
TestTerraformConfluentPlatformExample 2022-07-27T23:30:43Z logger.go:66:       + metadata   = {
TestTerraformConfluentPlatformExample 2022-07-27T23:30:43Z logger.go:66:           + name      = "kafkarestproxy"
TestTerraformConfluentPlatformExample 2022-07-27T23:30:43Z logger.go:66:           + namespace = "confluent"
TestTerraformConfluentPlatformExample 2022-07-27T23:30:43Z logger.go:66:         }
TestTerraformConfluentPlatformExample 2022-07-27T23:30:43Z logger.go:66:       + spec       = {
TestTerraformConfluentPlatformExample 2022-07-27T23:30:43Z logger.go:66:           + dependencies = {
TestTerraformConfluentPlatformExample 2022-07-27T23:30:43Z logger.go:66:               + schemaRegistry = {
TestTerraformConfluentPlatformExample 2022-07-27T23:30:43Z logger.go:66:                   + url = "http://schemaregistry.confluent.svc.cluster.local:8081"
TestTerraformConfluentPlatformExample 2022-07-27T23:30:43Z logger.go:66:                 }
TestTerraformConfluentPlatformExample 2022-07-27T23:30:43Z logger.go:66:             }
TestTerraformConfluentPlatformExample 2022-07-27T23:30:43Z logger.go:66:           + image        = {
TestTerraformConfluentPlatformExample 2022-07-27T23:30:43Z logger.go:66:               + application = "confluentinc/cp-kafka-rest:7.2.0"
TestTerraformConfluentPlatformExample 2022-07-27T23:30:43Z logger.go:66:               + init        = "confluentinc/confluent-init-container:2.4.0"
TestTerraformConfluentPlatformExample 2022-07-27T23:30:43Z logger.go:66:             }
TestTerraformConfluentPlatformExample 2022-07-27T23:30:43Z logger.go:66:           + replicas     = 1
TestTerraformConfluentPlatformExample 2022-07-27T23:30:43Z logger.go:66:         }
TestTerraformConfluentPlatformExample 2022-07-27T23:30:43Z logger.go:66:     }
TestTerraformConfluentPlatformExample 2022-07-27T23:30:43Z logger.go:66:   + ksqldb         = {
TestTerraformConfluentPlatformExample 2022-07-27T23:30:43Z logger.go:66:       + apiVersion = "platform.confluent.io/v1beta1"
TestTerraformConfluentPlatformExample 2022-07-27T23:30:43Z logger.go:66:       + kind       = "KsqlDB"
TestTerraformConfluentPlatformExample 2022-07-27T23:30:43Z logger.go:66:       + metadata   = {
TestTerraformConfluentPlatformExample 2022-07-27T23:30:43Z logger.go:66:           + name      = "ksqldb"
TestTerraformConfluentPlatformExample 2022-07-27T23:30:43Z logger.go:66:           + namespace = "confluent"
TestTerraformConfluentPlatformExample 2022-07-27T23:30:43Z logger.go:66:         }
TestTerraformConfluentPlatformExample 2022-07-27T23:30:43Z logger.go:66:       + spec       = {
TestTerraformConfluentPlatformExample 2022-07-27T23:30:43Z logger.go:66:           + dataVolumeCapacity = "10Gi"
TestTerraformConfluentPlatformExample 2022-07-27T23:30:43Z logger.go:66:           + image              = {
TestTerraformConfluentPlatformExample 2022-07-27T23:30:43Z logger.go:66:               + application = "confluentinc/cp-ksqldb-server:7.2.0"
TestTerraformConfluentPlatformExample 2022-07-27T23:30:43Z logger.go:66:               + init        = "confluentinc/confluent-init-container:2.4.0"
TestTerraformConfluentPlatformExample 2022-07-27T23:30:43Z logger.go:66:             }
TestTerraformConfluentPlatformExample 2022-07-27T23:30:43Z logger.go:66:           + replicas           = 1
TestTerraformConfluentPlatformExample 2022-07-27T23:30:43Z logger.go:66:         }
TestTerraformConfluentPlatformExample 2022-07-27T23:30:43Z logger.go:66:     }
TestTerraformConfluentPlatformExample 2022-07-27T23:30:43Z logger.go:66:   + namespace      = "confluent"
TestTerraformConfluentPlatformExample 2022-07-27T23:30:43Z logger.go:66:   + schemaregistry = {
TestTerraformConfluentPlatformExample 2022-07-27T23:30:43Z logger.go:66:       + apiVersion = "platform.confluent.io/v1beta1"
TestTerraformConfluentPlatformExample 2022-07-27T23:30:43Z logger.go:66:       + kind       = "SchemaRegistry"
TestTerraformConfluentPlatformExample 2022-07-27T23:30:43Z logger.go:66:       + metadata   = {
TestTerraformConfluentPlatformExample 2022-07-27T23:30:43Z logger.go:66:           + name      = "schemaregistry"
TestTerraformConfluentPlatformExample 2022-07-27T23:30:43Z logger.go:66:           + namespace = "confluent"
TestTerraformConfluentPlatformExample 2022-07-27T23:30:43Z logger.go:66:         }
TestTerraformConfluentPlatformExample 2022-07-27T23:30:43Z logger.go:66:       + spec       = {
TestTerraformConfluentPlatformExample 2022-07-27T23:30:43Z logger.go:66:           + image    = {
TestTerraformConfluentPlatformExample 2022-07-27T23:30:43Z logger.go:66:               + application = "confluentinc/cp-schema-registry:7.2.0"
TestTerraformConfluentPlatformExample 2022-07-27T23:30:43Z logger.go:66:               + init        = "confluentinc/confluent-init-container:2.4.0"
TestTerraformConfluentPlatformExample 2022-07-27T23:30:43Z logger.go:66:             }
TestTerraformConfluentPlatformExample 2022-07-27T23:30:43Z logger.go:66:           + replicas = 3
TestTerraformConfluentPlatformExample 2022-07-27T23:30:43Z logger.go:66:         }
TestTerraformConfluentPlatformExample 2022-07-27T23:30:43Z logger.go:66:     }
TestTerraformConfluentPlatformExample 2022-07-27T23:30:43Z logger.go:66:   + zookeeper      = {
TestTerraformConfluentPlatformExample 2022-07-27T23:30:43Z logger.go:66:       + apiVersion = "platform.confluent.io/v1beta1"
TestTerraformConfluentPlatformExample 2022-07-27T23:30:43Z logger.go:66:       + kind       = "Zookeeper"
TestTerraformConfluentPlatformExample 2022-07-27T23:30:43Z logger.go:66:       + metadata   = {
TestTerraformConfluentPlatformExample 2022-07-27T23:30:43Z logger.go:66:           + name      = "zookeeper"
TestTerraformConfluentPlatformExample 2022-07-27T23:30:43Z logger.go:66:           + namespace = "confluent"
TestTerraformConfluentPlatformExample 2022-07-27T23:30:43Z logger.go:66:         }
TestTerraformConfluentPlatformExample 2022-07-27T23:30:43Z logger.go:66:       + spec       = {
TestTerraformConfluentPlatformExample 2022-07-27T23:30:43Z logger.go:66:           + dataVolumeCapacity = "10Gi"
TestTerraformConfluentPlatformExample 2022-07-27T23:30:43Z logger.go:66:           + image              = {
TestTerraformConfluentPlatformExample 2022-07-27T23:30:43Z logger.go:66:               + application = "confluentinc/cp-zookeeper:7.2.0"
TestTerraformConfluentPlatformExample 2022-07-27T23:30:43Z logger.go:66:               + init        = "confluentinc/confluent-init-container:2.4.0"
TestTerraformConfluentPlatformExample 2022-07-27T23:30:43Z logger.go:66:             }
TestTerraformConfluentPlatformExample 2022-07-27T23:30:43Z logger.go:66:           + logVolumeCapacity  = "10Gi"
TestTerraformConfluentPlatformExample 2022-07-27T23:30:43Z logger.go:66:           + replicas           = 3
TestTerraformConfluentPlatformExample 2022-07-27T23:30:43Z logger.go:66:         }
TestTerraformConfluentPlatformExample 2022-07-27T23:30:43Z logger.go:66:     }
TestTerraformConfluentPlatformExample 2022-07-27T23:30:46Z logger.go:66: module.confluent_platform.kubernetes_manifest.schemaregistry[0]: Creating...
TestTerraformConfluentPlatformExample 2022-07-27T23:30:46Z logger.go:66: module.confluent_platform.kubernetes_manifest.zookeeper[0]: Creating...
TestTerraformConfluentPlatformExample 2022-07-27T23:30:46Z logger.go:66: module.confluent_platform.kubernetes_manifest.connect[0]: Creating...
TestTerraformConfluentPlatformExample 2022-07-27T23:30:46Z logger.go:66: module.confluent_platform.kubernetes_manifest.ksqldb[0]: Creating...
TestTerraformConfluentPlatformExample 2022-07-27T23:30:47Z logger.go:66: module.confluent_platform.kubernetes_manifest.kafka[0]: Creating...
TestTerraformConfluentPlatformExample 2022-07-27T23:30:47Z logger.go:66: module.confluent_platform.kubernetes_manifest.kafkarestproxy[0]: Creating...
TestTerraformConfluentPlatformExample 2022-07-27T23:30:47Z logger.go:66: module.confluent_platform.kubernetes_manifest.controlcenter[0]: Creating...
TestTerraformConfluentPlatformExample 2022-07-27T23:30:56Z logger.go:66: module.confluent_platform.kubernetes_manifest.schemaregistry[0]: Still creating... [10s elapsed]
TestTerraformConfluentPlatformExample 2022-07-27T23:30:56Z logger.go:66: module.confluent_platform.kubernetes_manifest.zookeeper[0]: Still creating... [10s elapsed]
TestTerraformConfluentPlatformExample 2022-07-27T23:30:56Z logger.go:66: module.confluent_platform.kubernetes_manifest.ksqldb[0]: Still creating... [10s elapsed]
TestTerraformConfluentPlatformExample 2022-07-27T23:30:56Z logger.go:66: module.confluent_platform.kubernetes_manifest.connect[0]: Still creating... [10s elapsed]
TestTerraformConfluentPlatformExample 2022-07-27T23:30:57Z logger.go:66: module.confluent_platform.kubernetes_manifest.kafka[0]: Still creating... [10s elapsed]
TestTerraformConfluentPlatformExample 2022-07-27T23:30:57Z logger.go:66: module.confluent_platform.kubernetes_manifest.kafkarestproxy[0]: Still creating... [10s elapsed]
TestTerraformConfluentPlatformExample 2022-07-27T23:30:57Z logger.go:66: module.confluent_platform.kubernetes_manifest.controlcenter[0]: Still creating... [10s elapsed]
TestTerraformConfluentPlatformExample 2022-07-27T23:31:06Z logger.go:66: module.confluent_platform.kubernetes_manifest.schemaregistry[0]: Still creating... [20s elapsed]
TestTerraformConfluentPlatformExample 2022-07-27T23:31:06Z logger.go:66: module.confluent_platform.kubernetes_manifest.zookeeper[0]: Still creating... [20s elapsed]
TestTerraformConfluentPlatformExample 2022-07-27T23:31:06Z logger.go:66: module.confluent_platform.kubernetes_manifest.connect[0]: Still creating... [20s elapsed]
TestTerraformConfluentPlatformExample 2022-07-27T23:31:06Z logger.go:66: module.confluent_platform.kubernetes_manifest.ksqldb[0]: Still creating... [20s elapsed]
TestTerraformConfluentPlatformExample 2022-07-27T23:31:07Z logger.go:66: module.confluent_platform.kubernetes_manifest.kafka[0]: Still creating... [20s elapsed]
TestTerraformConfluentPlatformExample 2022-07-27T23:31:07Z logger.go:66: module.confluent_platform.kubernetes_manifest.kafkarestproxy[0]: Still creating... [20s elapsed]
TestTerraformConfluentPlatformExample 2022-07-27T23:31:07Z logger.go:66: module.confluent_platform.kubernetes_manifest.controlcenter[0]: Still creating... [20s elapsed]
TestTerraformConfluentPlatformExample 2022-07-27T23:31:16Z logger.go:66: module.confluent_platform.kubernetes_manifest.schemaregistry[0]: Still creating... [30s elapsed]
TestTerraformConfluentPlatformExample 2022-07-27T23:31:16Z logger.go:66: module.confluent_platform.kubernetes_manifest.zookeeper[0]: Still creating... [30s elapsed]
TestTerraformConfluentPlatformExample 2022-07-27T23:31:16Z logger.go:66: module.confluent_platform.kubernetes_manifest.connect[0]: Still creating... [30s elapsed]
TestTerraformConfluentPlatformExample 2022-07-27T23:31:16Z logger.go:66: module.confluent_platform.kubernetes_manifest.ksqldb[0]: Still creating... [30s elapsed]
TestTerraformConfluentPlatformExample 2022-07-27T23:31:17Z logger.go:66: module.confluent_platform.kubernetes_manifest.kafka[0]: Still creating... [30s elapsed]
TestTerraformConfluentPlatformExample 2022-07-27T23:31:17Z logger.go:66: module.confluent_platform.kubernetes_manifest.kafkarestproxy[0]: Still creating... [30s elapsed]
TestTerraformConfluentPlatformExample 2022-07-27T23:31:17Z logger.go:66: module.confluent_platform.kubernetes_manifest.controlcenter[0]: Still creating... [30s elapsed]
TestTerraformConfluentPlatformExample 2022-07-27T23:31:26Z logger.go:66: module.confluent_platform.kubernetes_manifest.schemaregistry[0]: Still creating... [40s elapsed]
TestTerraformConfluentPlatformExample 2022-07-27T23:31:26Z logger.go:66: module.confluent_platform.kubernetes_manifest.zookeeper[0]: Still creating... [40s elapsed]
TestTerraformConfluentPlatformExample 2022-07-27T23:31:26Z logger.go:66: module.confluent_platform.kubernetes_manifest.ksqldb[0]: Still creating... [40s elapsed]
TestTerraformConfluentPlatformExample 2022-07-27T23:31:26Z logger.go:66: module.confluent_platform.kubernetes_manifest.connect[0]: Still creating... [40s elapsed]
TestTerraformConfluentPlatformExample 2022-07-27T23:31:27Z logger.go:66: module.confluent_platform.kubernetes_manifest.kafka[0]: Still creating... [40s elapsed]
TestTerraformConfluentPlatformExample 2022-07-27T23:31:27Z logger.go:66: module.confluent_platform.kubernetes_manifest.kafkarestproxy[0]: Still creating... [40s elapsed]
TestTerraformConfluentPlatformExample 2022-07-27T23:31:27Z logger.go:66: module.confluent_platform.kubernetes_manifest.controlcenter[0]: Still creating... [40s elapsed]
TestTerraformConfluentPlatformExample 2022-07-27T23:31:32Z logger.go:66: module.confluent_platform.kubernetes_manifest.zookeeper[0]: Creation complete after 45s
TestTerraformConfluentPlatformExample 2022-07-27T23:31:36Z logger.go:66: module.confluent_platform.kubernetes_manifest.schemaregistry[0]: Still creating... [50s elapsed]
TestTerraformConfluentPlatformExample 2022-07-27T23:31:36Z logger.go:66: module.confluent_platform.kubernetes_manifest.connect[0]: Still creating... [50s elapsed]
TestTerraformConfluentPlatformExample 2022-07-27T23:31:36Z logger.go:66: module.confluent_platform.kubernetes_manifest.ksqldb[0]: Still creating... [50s elapsed]
TestTerraformConfluentPlatformExample 2022-07-27T23:31:37Z logger.go:66: module.confluent_platform.kubernetes_manifest.kafka[0]: Still creating... [50s elapsed]
TestTerraformConfluentPlatformExample 2022-07-27T23:31:37Z logger.go:66: module.confluent_platform.kubernetes_manifest.kafkarestproxy[0]: Still creating... [50s elapsed]
TestTerraformConfluentPlatformExample 2022-07-27T23:31:37Z logger.go:66: module.confluent_platform.kubernetes_manifest.controlcenter[0]: Still creating... [50s elapsed]
TestTerraformConfluentPlatformExample 2022-07-27T23:31:46Z logger.go:66: module.confluent_platform.kubernetes_manifest.schemaregistry[0]: Still creating... [1m0s elapsed]
TestTerraformConfluentPlatformExample 2022-07-27T23:31:46Z logger.go:66: module.confluent_platform.kubernetes_manifest.connect[0]: Still creating... [1m0s elapsed]
TestTerraformConfluentPlatformExample 2022-07-27T23:31:46Z logger.go:66: module.confluent_platform.kubernetes_manifest.ksqldb[0]: Still creating... [1m0s elapsed]
TestTerraformConfluentPlatformExample 2022-07-27T23:31:47Z logger.go:66: module.confluent_platform.kubernetes_manifest.kafka[0]: Still creating... [1m0s elapsed]
TestTerraformConfluentPlatformExample 2022-07-27T23:31:47Z logger.go:66: module.confluent_platform.kubernetes_manifest.kafkarestproxy[0]: Still creating... [1m0s elapsed]
TestTerraformConfluentPlatformExample 2022-07-27T23:31:47Z logger.go:66: module.confluent_platform.kubernetes_manifest.controlcenter[0]: Still creating... [1m0s elapsed]
TestTerraformConfluentPlatformExample 2022-07-27T23:31:56Z logger.go:66: module.confluent_platform.kubernetes_manifest.schemaregistry[0]: Still creating... [1m10s elapsed]
TestTerraformConfluentPlatformExample 2022-07-27T23:31:56Z logger.go:66: module.confluent_platform.kubernetes_manifest.connect[0]: Still creating... [1m10s elapsed]
TestTerraformConfluentPlatformExample 2022-07-27T23:31:56Z logger.go:66: module.confluent_platform.kubernetes_manifest.ksqldb[0]: Still creating... [1m10s elapsed]
TestTerraformConfluentPlatformExample 2022-07-27T23:31:57Z logger.go:66: module.confluent_platform.kubernetes_manifest.kafka[0]: Still creating... [1m10s elapsed]
TestTerraformConfluentPlatformExample 2022-07-27T23:31:57Z logger.go:66: module.confluent_platform.kubernetes_manifest.kafkarestproxy[0]: Still creating... [1m10s elapsed]
TestTerraformConfluentPlatformExample 2022-07-27T23:31:57Z logger.go:66: module.confluent_platform.kubernetes_manifest.controlcenter[0]: Still creating... [1m10s elapsed]
TestTerraformConfluentPlatformExample 2022-07-27T23:32:06Z logger.go:66: module.confluent_platform.kubernetes_manifest.schemaregistry[0]: Still creating... [1m20s elapsed]
TestTerraformConfluentPlatformExample 2022-07-27T23:32:06Z logger.go:66: module.confluent_platform.kubernetes_manifest.connect[0]: Still creating... [1m20s elapsed]
TestTerraformConfluentPlatformExample 2022-07-27T23:32:06Z logger.go:66: module.confluent_platform.kubernetes_manifest.ksqldb[0]: Still creating... [1m20s elapsed]
TestTerraformConfluentPlatformExample 2022-07-27T23:32:07Z logger.go:66: module.confluent_platform.kubernetes_manifest.kafka[0]: Still creating... [1m20s elapsed]
TestTerraformConfluentPlatformExample 2022-07-27T23:32:07Z logger.go:66: module.confluent_platform.kubernetes_manifest.kafkarestproxy[0]: Still creating... [1m20s elapsed]
TestTerraformConfluentPlatformExample 2022-07-27T23:32:07Z logger.go:66: module.confluent_platform.kubernetes_manifest.controlcenter[0]: Still creating... [1m20s elapsed]
TestTerraformConfluentPlatformExample 2022-07-27T23:32:16Z logger.go:66: module.confluent_platform.kubernetes_manifest.schemaregistry[0]: Still creating... [1m30s elapsed]
TestTerraformConfluentPlatformExample 2022-07-27T23:32:17Z logger.go:66: module.confluent_platform.kubernetes_manifest.ksqldb[0]: Still creating... [1m30s elapsed]
TestTerraformConfluentPlatformExample 2022-07-27T23:32:17Z logger.go:66: module.confluent_platform.kubernetes_manifest.connect[0]: Still creating... [1m30s elapsed]
TestTerraformConfluentPlatformExample 2022-07-27T23:32:17Z logger.go:66: module.confluent_platform.kubernetes_manifest.kafka[0]: Still creating... [1m30s elapsed]
TestTerraformConfluentPlatformExample 2022-07-27T23:32:17Z logger.go:66: module.confluent_platform.kubernetes_manifest.kafkarestproxy[0]: Still creating... [1m30s elapsed]
TestTerraformConfluentPlatformExample 2022-07-27T23:32:17Z logger.go:66: module.confluent_platform.kubernetes_manifest.controlcenter[0]: Still creating... [1m30s elapsed]
TestTerraformConfluentPlatformExample 2022-07-27T23:32:19Z logger.go:66: module.confluent_platform.kubernetes_manifest.kafka[0]: Creation complete after 1m33s
TestTerraformConfluentPlatformExample 2022-07-27T23:32:26Z logger.go:66: module.confluent_platform.kubernetes_manifest.schemaregistry[0]: Still creating... [1m40s elapsed]
TestTerraformConfluentPlatformExample 2022-07-27T23:32:26Z logger.go:66: module.confluent_platform.kubernetes_manifest.ksqldb[0]: Still creating... [1m40s elapsed]
TestTerraformConfluentPlatformExample 2022-07-27T23:32:27Z logger.go:66: module.confluent_platform.kubernetes_manifest.connect[0]: Still creating... [1m40s elapsed]
TestTerraformConfluentPlatformExample 2022-07-27T23:32:27Z logger.go:66: module.confluent_platform.kubernetes_manifest.kafkarestproxy[0]: Still creating... [1m40s elapsed]
TestTerraformConfluentPlatformExample 2022-07-27T23:32:27Z logger.go:66: module.confluent_platform.kubernetes_manifest.controlcenter[0]: Still creating... [1m40s elapsed]
TestTerraformConfluentPlatformExample 2022-07-27T23:32:36Z logger.go:66: module.confluent_platform.kubernetes_manifest.schemaregistry[0]: Still creating... [1m50s elapsed]
TestTerraformConfluentPlatformExample 2022-07-27T23:32:36Z logger.go:66: module.confluent_platform.kubernetes_manifest.ksqldb[0]: Still creating... [1m50s elapsed]
TestTerraformConfluentPlatformExample 2022-07-27T23:32:37Z logger.go:66: module.confluent_platform.kubernetes_manifest.connect[0]: Still creating... [1m50s elapsed]
TestTerraformConfluentPlatformExample 2022-07-27T23:32:37Z logger.go:66: module.confluent_platform.kubernetes_manifest.kafkarestproxy[0]: Still creating... [1m50s elapsed]
TestTerraformConfluentPlatformExample 2022-07-27T23:32:37Z logger.go:66: module.confluent_platform.kubernetes_manifest.controlcenter[0]: Still creating... [1m50s elapsed]
TestTerraformConfluentPlatformExample 2022-07-27T23:32:46Z logger.go:66: module.confluent_platform.kubernetes_manifest.schemaregistry[0]: Still creating... [2m0s elapsed]
TestTerraformConfluentPlatformExample 2022-07-27T23:32:46Z logger.go:66: module.confluent_platform.kubernetes_manifest.ksqldb[0]: Still creating... [2m0s elapsed]
TestTerraformConfluentPlatformExample 2022-07-27T23:32:47Z logger.go:66: module.confluent_platform.kubernetes_manifest.connect[0]: Still creating... [2m0s elapsed]
TestTerraformConfluentPlatformExample 2022-07-27T23:32:47Z logger.go:66: module.confluent_platform.kubernetes_manifest.kafkarestproxy[0]: Still creating... [2m0s elapsed]
TestTerraformConfluentPlatformExample 2022-07-27T23:32:47Z logger.go:66: module.confluent_platform.kubernetes_manifest.controlcenter[0]: Still creating... [2m0s elapsed]
TestTerraformConfluentPlatformExample 2022-07-27T23:32:56Z logger.go:66: module.confluent_platform.kubernetes_manifest.schemaregistry[0]: Still creating... [2m10s elapsed]
TestTerraformConfluentPlatformExample 2022-07-27T23:32:56Z logger.go:66: module.confluent_platform.kubernetes_manifest.ksqldb[0]: Still creating... [2m10s elapsed]
TestTerraformConfluentPlatformExample 2022-07-27T23:32:57Z logger.go:66: module.confluent_platform.kubernetes_manifest.connect[0]: Still creating... [2m10s elapsed]
TestTerraformConfluentPlatformExample 2022-07-27T23:32:57Z logger.go:66: module.confluent_platform.kubernetes_manifest.kafkarestproxy[0]: Still creating... [2m10s elapsed]
TestTerraformConfluentPlatformExample 2022-07-27T23:32:57Z logger.go:66: module.confluent_platform.kubernetes_manifest.controlcenter[0]: Still creating... [2m10s elapsed]
TestTerraformConfluentPlatformExample 2022-07-27T23:33:06Z logger.go:66: module.confluent_platform.kubernetes_manifest.schemaregistry[0]: Still creating... [2m20s elapsed]
TestTerraformConfluentPlatformExample 2022-07-27T23:33:06Z logger.go:66: module.confluent_platform.kubernetes_manifest.ksqldb[0]: Still creating... [2m20s elapsed]
TestTerraformConfluentPlatformExample 2022-07-27T23:33:07Z logger.go:66: module.confluent_platform.kubernetes_manifest.connect[0]: Still creating... [2m20s elapsed]
TestTerraformConfluentPlatformExample 2022-07-27T23:33:07Z logger.go:66: module.confluent_platform.kubernetes_manifest.kafkarestproxy[0]: Still creating... [2m20s elapsed]
TestTerraformConfluentPlatformExample 2022-07-27T23:33:07Z logger.go:66: module.confluent_platform.kubernetes_manifest.controlcenter[0]: Still creating... [2m20s elapsed]
TestTerraformConfluentPlatformExample 2022-07-27T23:33:16Z logger.go:66: module.confluent_platform.kubernetes_manifest.schemaregistry[0]: Still creating... [2m30s elapsed]
TestTerraformConfluentPlatformExample 2022-07-27T23:33:16Z logger.go:66: module.confluent_platform.kubernetes_manifest.ksqldb[0]: Still creating... [2m30s elapsed]
TestTerraformConfluentPlatformExample 2022-07-27T23:33:17Z logger.go:66: module.confluent_platform.kubernetes_manifest.connect[0]: Still creating... [2m30s elapsed]
TestTerraformConfluentPlatformExample 2022-07-27T23:33:17Z logger.go:66: module.confluent_platform.kubernetes_manifest.kafkarestproxy[0]: Still creating... [2m30s elapsed]
TestTerraformConfluentPlatformExample 2022-07-27T23:33:17Z logger.go:66: module.confluent_platform.kubernetes_manifest.controlcenter[0]: Still creating... [2m30s elapsed]
TestTerraformConfluentPlatformExample 2022-07-27T23:33:26Z logger.go:66: module.confluent_platform.kubernetes_manifest.schemaregistry[0]: Still creating... [2m40s elapsed]
TestTerraformConfluentPlatformExample 2022-07-27T23:33:27Z logger.go:66: module.confluent_platform.kubernetes_manifest.ksqldb[0]: Still creating... [2m40s elapsed]
TestTerraformConfluentPlatformExample 2022-07-27T23:33:27Z logger.go:66: module.confluent_platform.kubernetes_manifest.connect[0]: Still creating... [2m40s elapsed]
TestTerraformConfluentPlatformExample 2022-07-27T23:33:27Z logger.go:66: module.confluent_platform.kubernetes_manifest.kafkarestproxy[0]: Still creating... [2m40s elapsed]
TestTerraformConfluentPlatformExample 2022-07-27T23:33:27Z logger.go:66: module.confluent_platform.kubernetes_manifest.controlcenter[0]: Still creating... [2m40s elapsed]
TestTerraformConfluentPlatformExample 2022-07-27T23:33:36Z logger.go:66: module.confluent_platform.kubernetes_manifest.schemaregistry[0]: Still creating... [2m50s elapsed]
TestTerraformConfluentPlatformExample 2022-07-27T23:33:37Z logger.go:66: module.confluent_platform.kubernetes_manifest.ksqldb[0]: Still creating... [2m50s elapsed]
TestTerraformConfluentPlatformExample 2022-07-27T23:33:37Z logger.go:66: module.confluent_platform.kubernetes_manifest.connect[0]: Still creating... [2m50s elapsed]
TestTerraformConfluentPlatformExample 2022-07-27T23:33:37Z logger.go:66: module.confluent_platform.kubernetes_manifest.kafkarestproxy[0]: Still creating... [2m50s elapsed]
TestTerraformConfluentPlatformExample 2022-07-27T23:33:37Z logger.go:66: module.confluent_platform.kubernetes_manifest.controlcenter[0]: Still creating... [2m50s elapsed]
TestTerraformConfluentPlatformExample 2022-07-27T23:33:40Z logger.go:66: module.confluent_platform.kubernetes_manifest.kafkarestproxy[0]: Creation complete after 2m53s
TestTerraformConfluentPlatformExample 2022-07-27T23:33:46Z logger.go:66: module.confluent_platform.kubernetes_manifest.schemaregistry[0]: Still creating... [3m0s elapsed]
TestTerraformConfluentPlatformExample 2022-07-27T23:33:47Z logger.go:66: module.confluent_platform.kubernetes_manifest.ksqldb[0]: Still creating... [3m0s elapsed]
TestTerraformConfluentPlatformExample 2022-07-27T23:33:47Z logger.go:66: module.confluent_platform.kubernetes_manifest.connect[0]: Still creating... [3m0s elapsed]
TestTerraformConfluentPlatformExample 2022-07-27T23:33:47Z logger.go:66: module.confluent_platform.kubernetes_manifest.controlcenter[0]: Still creating... [3m0s elapsed]
TestTerraformConfluentPlatformExample 2022-07-27T23:33:56Z logger.go:66: module.confluent_platform.kubernetes_manifest.schemaregistry[0]: Still creating... [3m10s elapsed]
TestTerraformConfluentPlatformExample 2022-07-27T23:33:56Z logger.go:66: module.confluent_platform.kubernetes_manifest.ksqldb[0]: Still creating... [3m10s elapsed]
TestTerraformConfluentPlatformExample 2022-07-27T23:33:57Z logger.go:66: module.confluent_platform.kubernetes_manifest.connect[0]: Still creating... [3m10s elapsed]
TestTerraformConfluentPlatformExample 2022-07-27T23:33:57Z logger.go:66: module.confluent_platform.kubernetes_manifest.controlcenter[0]: Still creating... [3m10s elapsed]
TestTerraformConfluentPlatformExample 2022-07-27T23:34:06Z logger.go:66: module.confluent_platform.kubernetes_manifest.schemaregistry[0]: Still creating... [3m20s elapsed]
TestTerraformConfluentPlatformExample 2022-07-27T23:34:06Z logger.go:66: module.confluent_platform.kubernetes_manifest.ksqldb[0]: Still creating... [3m20s elapsed]
TestTerraformConfluentPlatformExample 2022-07-27T23:34:07Z logger.go:66: module.confluent_platform.kubernetes_manifest.connect[0]: Still creating... [3m20s elapsed]
TestTerraformConfluentPlatformExample 2022-07-27T23:34:07Z logger.go:66: module.confluent_platform.kubernetes_manifest.controlcenter[0]: Still creating... [3m20s elapsed]
TestTerraformConfluentPlatformExample 2022-07-27T23:34:11Z logger.go:66: module.confluent_platform.kubernetes_manifest.connect[0]: Creation complete after 3m25s
TestTerraformConfluentPlatformExample 2022-07-27T23:34:16Z logger.go:66: module.confluent_platform.kubernetes_manifest.schemaregistry[0]: Creation complete after 3m29s
TestTerraformConfluentPlatformExample 2022-07-27T23:34:16Z logger.go:66: module.confluent_platform.kubernetes_manifest.ksqldb[0]: Still creating... [3m30s elapsed]
TestTerraformConfluentPlatformExample 2022-07-27T23:34:17Z logger.go:66: module.confluent_platform.kubernetes_manifest.controlcenter[0]: Still creating... [3m30s elapsed]
TestTerraformConfluentPlatformExample 2022-07-27T23:34:26Z logger.go:66: module.confluent_platform.kubernetes_manifest.ksqldb[0]: Still creating... [3m40s elapsed]
TestTerraformConfluentPlatformExample 2022-07-27T23:34:27Z logger.go:66: module.confluent_platform.kubernetes_manifest.controlcenter[0]: Still creating... [3m40s elapsed]
TestTerraformConfluentPlatformExample 2022-07-27T23:34:36Z logger.go:66: module.confluent_platform.kubernetes_manifest.ksqldb[0]: Still creating... [3m50s elapsed]
TestTerraformConfluentPlatformExample 2022-07-27T23:34:37Z logger.go:66: module.confluent_platform.kubernetes_manifest.controlcenter[0]: Still creating... [3m50s elapsed]
TestTerraformConfluentPlatformExample 2022-07-27T23:34:46Z logger.go:66: module.confluent_platform.kubernetes_manifest.ksqldb[0]: Still creating... [4m0s elapsed]
TestTerraformConfluentPlatformExample 2022-07-27T23:34:47Z logger.go:66: module.confluent_platform.kubernetes_manifest.controlcenter[0]: Still creating... [4m0s elapsed]
TestTerraformConfluentPlatformExample 2022-07-27T23:34:56Z logger.go:66: module.confluent_platform.kubernetes_manifest.ksqldb[0]: Still creating... [4m10s elapsed]
TestTerraformConfluentPlatformExample 2022-07-27T23:34:57Z logger.go:66: module.confluent_platform.kubernetes_manifest.controlcenter[0]: Still creating... [4m10s elapsed]
TestTerraformConfluentPlatformExample 2022-07-27T23:35:06Z logger.go:66: module.confluent_platform.kubernetes_manifest.ksqldb[0]: Creation complete after 4m20s
TestTerraformConfluentPlatformExample 2022-07-27T23:35:07Z logger.go:66: module.confluent_platform.kubernetes_manifest.controlcenter[0]: Still creating... [4m20s elapsed]
TestTerraformConfluentPlatformExample 2022-07-27T23:35:17Z logger.go:66: module.confluent_platform.kubernetes_manifest.controlcenter[0]: Still creating... [4m30s elapsed]
TestTerraformConfluentPlatformExample 2022-07-27T23:35:27Z logger.go:66: module.confluent_platform.kubernetes_manifest.controlcenter[0]: Still creating... [4m40s elapsed]
TestTerraformConfluentPlatformExample 2022-07-27T23:35:37Z logger.go:66: module.confluent_platform.kubernetes_manifest.controlcenter[0]: Still creating... [4m50s elapsed]
TestTerraformConfluentPlatformExample 2022-07-27T23:35:41Z logger.go:66: module.confluent_platform.kubernetes_manifest.controlcenter[0]: Creation complete after 4m53s
TestTerraformConfluentPlatformExample 2022-07-27T23:35:52Z logger.go:66:
TestTerraformConfluentPlatformExample 2022-07-27T23:35:52Z logger.go:66: Apply complete! Resources: 7 added, 0 changed, 0 destroyed.
TestTerraformConfluentPlatformExample 2022-07-27T23:35:52Z logger.go:66:
TestTerraformConfluentPlatformExample 2022-07-27T23:35:52Z logger.go:66: Outputs:
TestTerraformConfluentPlatformExample 2022-07-27T23:35:52Z logger.go:66:
TestTerraformConfluentPlatformExample 2022-07-27T23:35:52Z logger.go:66: connect = {
TestTerraformConfluentPlatformExample 2022-07-27T23:35:52Z logger.go:66:   "apiVersion" = "platform.confluent.io/v1beta1"
TestTerraformConfluentPlatformExample 2022-07-27T23:35:52Z logger.go:66:   "kind" = "Connect"
TestTerraformConfluentPlatformExample 2022-07-27T23:35:52Z logger.go:66:   "metadata" = {
TestTerraformConfluentPlatformExample 2022-07-27T23:35:52Z logger.go:66:     "name" = "connect"
TestTerraformConfluentPlatformExample 2022-07-27T23:35:52Z logger.go:66:     "namespace" = "confluent"
TestTerraformConfluentPlatformExample 2022-07-27T23:35:52Z logger.go:66:   }
TestTerraformConfluentPlatformExample 2022-07-27T23:35:52Z logger.go:66:   "spec" = {
TestTerraformConfluentPlatformExample 2022-07-27T23:35:52Z logger.go:66:     "dependencies" = {
TestTerraformConfluentPlatformExample 2022-07-27T23:35:52Z logger.go:66:       "kafka" = {
TestTerraformConfluentPlatformExample 2022-07-27T23:35:52Z logger.go:66:         "bootstrapEndpoint" = "kafka:9071"
TestTerraformConfluentPlatformExample 2022-07-27T23:35:52Z logger.go:66:       }
TestTerraformConfluentPlatformExample 2022-07-27T23:35:52Z logger.go:66:     }
TestTerraformConfluentPlatformExample 2022-07-27T23:35:52Z logger.go:66:     "image" = {
TestTerraformConfluentPlatformExample 2022-07-27T23:35:52Z logger.go:66:       "application" = "confluentinc/cp-server-connect:7.2.0"
TestTerraformConfluentPlatformExample 2022-07-27T23:35:52Z logger.go:66:       "init" = "confluentinc/confluent-init-container:2.4.0"
TestTerraformConfluentPlatformExample 2022-07-27T23:35:52Z logger.go:66:     }
TestTerraformConfluentPlatformExample 2022-07-27T23:35:52Z logger.go:66:     "replicas" = 1
TestTerraformConfluentPlatformExample 2022-07-27T23:35:52Z logger.go:66:   }
TestTerraformConfluentPlatformExample 2022-07-27T23:35:52Z logger.go:66: }
TestTerraformConfluentPlatformExample 2022-07-27T23:35:52Z logger.go:66: controlcenter = {
TestTerraformConfluentPlatformExample 2022-07-27T23:35:52Z logger.go:66:   "apiVersion" = "platform.confluent.io/v1beta1"
TestTerraformConfluentPlatformExample 2022-07-27T23:35:52Z logger.go:66:   "kind" = "ControlCenter"
TestTerraformConfluentPlatformExample 2022-07-27T23:35:52Z logger.go:66:   "metadata" = {
TestTerraformConfluentPlatformExample 2022-07-27T23:35:52Z logger.go:66:     "name" = "controlcenter"
TestTerraformConfluentPlatformExample 2022-07-27T23:35:52Z logger.go:66:     "namespace" = "confluent"
TestTerraformConfluentPlatformExample 2022-07-27T23:35:52Z logger.go:66:   }
TestTerraformConfluentPlatformExample 2022-07-27T23:35:52Z logger.go:66:   "spec" = {
TestTerraformConfluentPlatformExample 2022-07-27T23:35:52Z logger.go:66:     "dataVolumeCapacity" = "10Gi"
TestTerraformConfluentPlatformExample 2022-07-27T23:35:52Z logger.go:66:     "dependencies" = {
TestTerraformConfluentPlatformExample 2022-07-27T23:35:52Z logger.go:66:       "connect" = [
TestTerraformConfluentPlatformExample 2022-07-27T23:35:52Z logger.go:66:         {
TestTerraformConfluentPlatformExample 2022-07-27T23:35:52Z logger.go:66:           "name" = "connect"
TestTerraformConfluentPlatformExample 2022-07-27T23:35:52Z logger.go:66:           "url" = "http://connect.confluent.svc.cluster.local:8083"
TestTerraformConfluentPlatformExample 2022-07-27T23:35:52Z logger.go:66:         },
TestTerraformConfluentPlatformExample 2022-07-27T23:35:52Z logger.go:66:       ]
TestTerraformConfluentPlatformExample 2022-07-27T23:35:52Z logger.go:66:       "ksqldb" = [
TestTerraformConfluentPlatformExample 2022-07-27T23:35:52Z logger.go:66:         {
TestTerraformConfluentPlatformExample 2022-07-27T23:35:52Z logger.go:66:           "name" = "ksqldb"
TestTerraformConfluentPlatformExample 2022-07-27T23:35:52Z logger.go:66:           "url" = "http://ksqldb.confluent.svc.cluster.local:8088"
TestTerraformConfluentPlatformExample 2022-07-27T23:35:52Z logger.go:66:         },
TestTerraformConfluentPlatformExample 2022-07-27T23:35:52Z logger.go:66:       ]
TestTerraformConfluentPlatformExample 2022-07-27T23:35:52Z logger.go:66:       "schemaRegistry" = {
TestTerraformConfluentPlatformExample 2022-07-27T23:35:52Z logger.go:66:         "url" = "http://schemaregistry.confluent.svc.cluster.local:8081"
TestTerraformConfluentPlatformExample 2022-07-27T23:35:52Z logger.go:66:       }
TestTerraformConfluentPlatformExample 2022-07-27T23:35:52Z logger.go:66:     }
TestTerraformConfluentPlatformExample 2022-07-27T23:35:52Z logger.go:66:     "image" = {
TestTerraformConfluentPlatformExample 2022-07-27T23:35:52Z logger.go:66:       "application" = "confluentinc/cp-enterprise-control-center:7.2.0"
TestTerraformConfluentPlatformExample 2022-07-27T23:35:52Z logger.go:66:       "init" = "confluentinc/confluent-init-container:2.4.0"
TestTerraformConfluentPlatformExample 2022-07-27T23:35:52Z logger.go:66:     }
TestTerraformConfluentPlatformExample 2022-07-27T23:35:52Z logger.go:66:     "replicas" = 1
TestTerraformConfluentPlatformExample 2022-07-27T23:35:52Z logger.go:66:   }
TestTerraformConfluentPlatformExample 2022-07-27T23:35:52Z logger.go:66: }
TestTerraformConfluentPlatformExample 2022-07-27T23:35:52Z logger.go:66: kafka = {
TestTerraformConfluentPlatformExample 2022-07-27T23:35:52Z logger.go:66:   "apiVersion" = "platform.confluent.io/v1beta1"
TestTerraformConfluentPlatformExample 2022-07-27T23:35:52Z logger.go:66:   "kind" = "Kafka"
TestTerraformConfluentPlatformExample 2022-07-27T23:35:52Z logger.go:66:   "metadata" = {
TestTerraformConfluentPlatformExample 2022-07-27T23:35:52Z logger.go:66:     "name" = "kafka"
TestTerraformConfluentPlatformExample 2022-07-27T23:35:52Z logger.go:66:     "namespace" = "confluent"
TestTerraformConfluentPlatformExample 2022-07-27T23:35:52Z logger.go:66:   }
TestTerraformConfluentPlatformExample 2022-07-27T23:35:52Z logger.go:66:   "spec" = {
TestTerraformConfluentPlatformExample 2022-07-27T23:35:52Z logger.go:66:     "dataVolumeCapacity" = "10Gi"
TestTerraformConfluentPlatformExample 2022-07-27T23:35:52Z logger.go:66:     "image" = {
TestTerraformConfluentPlatformExample 2022-07-27T23:35:52Z logger.go:66:       "application" = "confluentinc/cp-server:7.2.0"
TestTerraformConfluentPlatformExample 2022-07-27T23:35:52Z logger.go:66:       "init" = "confluentinc/confluent-init-container:2.4.0"
TestTerraformConfluentPlatformExample 2022-07-27T23:35:52Z logger.go:66:     }
TestTerraformConfluentPlatformExample 2022-07-27T23:35:52Z logger.go:66:     "metricReporter" = {
TestTerraformConfluentPlatformExample 2022-07-27T23:35:52Z logger.go:66:       "enabled" = true
TestTerraformConfluentPlatformExample 2022-07-27T23:35:52Z logger.go:66:     }
TestTerraformConfluentPlatformExample 2022-07-27T23:35:52Z logger.go:66:     "replicas" = 3
TestTerraformConfluentPlatformExample 2022-07-27T23:35:52Z logger.go:66:   }
TestTerraformConfluentPlatformExample 2022-07-27T23:35:52Z logger.go:66: }
TestTerraformConfluentPlatformExample 2022-07-27T23:35:52Z logger.go:66: kafkarestproxy = {
TestTerraformConfluentPlatformExample 2022-07-27T23:35:52Z logger.go:66:   "apiVersion" = "platform.confluent.io/v1beta1"
TestTerraformConfluentPlatformExample 2022-07-27T23:35:52Z logger.go:66:   "kind" = "KafkaRestProxy"
TestTerraformConfluentPlatformExample 2022-07-27T23:35:52Z logger.go:66:   "metadata" = {
TestTerraformConfluentPlatformExample 2022-07-27T23:35:52Z logger.go:66:     "name" = "kafkarestproxy"
TestTerraformConfluentPlatformExample 2022-07-27T23:35:52Z logger.go:66:     "namespace" = "confluent"
TestTerraformConfluentPlatformExample 2022-07-27T23:35:52Z logger.go:66:   }
TestTerraformConfluentPlatformExample 2022-07-27T23:35:52Z logger.go:66:   "spec" = {
TestTerraformConfluentPlatformExample 2022-07-27T23:35:52Z logger.go:66:     "dependencies" = {
TestTerraformConfluentPlatformExample 2022-07-27T23:35:52Z logger.go:66:       "schemaRegistry" = {
TestTerraformConfluentPlatformExample 2022-07-27T23:35:52Z logger.go:66:         "url" = "http://schemaregistry.confluent.svc.cluster.local:8081"
TestTerraformConfluentPlatformExample 2022-07-27T23:35:52Z logger.go:66:       }
TestTerraformConfluentPlatformExample 2022-07-27T23:35:52Z logger.go:66:     }
TestTerraformConfluentPlatformExample 2022-07-27T23:35:52Z logger.go:66:     "image" = {
TestTerraformConfluentPlatformExample 2022-07-27T23:35:52Z logger.go:66:       "application" = "confluentinc/cp-kafka-rest:7.2.0"
TestTerraformConfluentPlatformExample 2022-07-27T23:35:52Z logger.go:66:       "init" = "confluentinc/confluent-init-container:2.4.0"
TestTerraformConfluentPlatformExample 2022-07-27T23:35:52Z logger.go:66:     }
TestTerraformConfluentPlatformExample 2022-07-27T23:35:52Z logger.go:66:     "replicas" = 1
TestTerraformConfluentPlatformExample 2022-07-27T23:35:52Z logger.go:66:   }
TestTerraformConfluentPlatformExample 2022-07-27T23:35:52Z logger.go:66: }
TestTerraformConfluentPlatformExample 2022-07-27T23:35:52Z logger.go:66: ksqldb = {
TestTerraformConfluentPlatformExample 2022-07-27T23:35:52Z logger.go:66:   "apiVersion" = "platform.confluent.io/v1beta1"
TestTerraformConfluentPlatformExample 2022-07-27T23:35:52Z logger.go:66:   "kind" = "KsqlDB"
TestTerraformConfluentPlatformExample 2022-07-27T23:35:52Z logger.go:66:   "metadata" = {
TestTerraformConfluentPlatformExample 2022-07-27T23:35:52Z logger.go:66:     "name" = "ksqldb"
TestTerraformConfluentPlatformExample 2022-07-27T23:35:52Z logger.go:66:     "namespace" = "confluent"
TestTerraformConfluentPlatformExample 2022-07-27T23:35:52Z logger.go:66:   }
TestTerraformConfluentPlatformExample 2022-07-27T23:35:52Z logger.go:66:   "spec" = {
TestTerraformConfluentPlatformExample 2022-07-27T23:35:52Z logger.go:66:     "dataVolumeCapacity" = "10Gi"
TestTerraformConfluentPlatformExample 2022-07-27T23:35:52Z logger.go:66:     "image" = {
TestTerraformConfluentPlatformExample 2022-07-27T23:35:52Z logger.go:66:       "application" = "confluentinc/cp-ksqldb-server:7.2.0"
TestTerraformConfluentPlatformExample 2022-07-27T23:35:52Z logger.go:66:       "init" = "confluentinc/confluent-init-container:2.4.0"
TestTerraformConfluentPlatformExample 2022-07-27T23:35:52Z logger.go:66:     }
TestTerraformConfluentPlatformExample 2022-07-27T23:35:52Z logger.go:66:     "replicas" = 1
TestTerraformConfluentPlatformExample 2022-07-27T23:35:52Z logger.go:66:   }
TestTerraformConfluentPlatformExample 2022-07-27T23:35:52Z logger.go:66: }
TestTerraformConfluentPlatformExample 2022-07-27T23:35:52Z logger.go:66: namespace = "confluent"
TestTerraformConfluentPlatformExample 2022-07-27T23:35:52Z logger.go:66: schemaregistry = {
TestTerraformConfluentPlatformExample 2022-07-27T23:35:52Z logger.go:66:   "apiVersion" = "platform.confluent.io/v1beta1"
TestTerraformConfluentPlatformExample 2022-07-27T23:35:52Z logger.go:66:   "kind" = "SchemaRegistry"
TestTerraformConfluentPlatformExample 2022-07-27T23:35:52Z logger.go:66:   "metadata" = {
TestTerraformConfluentPlatformExample 2022-07-27T23:35:52Z logger.go:66:     "name" = "schemaregistry"
TestTerraformConfluentPlatformExample 2022-07-27T23:35:52Z logger.go:66:     "namespace" = "confluent"
TestTerraformConfluentPlatformExample 2022-07-27T23:35:52Z logger.go:66:   }
TestTerraformConfluentPlatformExample 2022-07-27T23:35:52Z logger.go:66:   "spec" = {
TestTerraformConfluentPlatformExample 2022-07-27T23:35:52Z logger.go:66:     "image" = {
TestTerraformConfluentPlatformExample 2022-07-27T23:35:52Z logger.go:66:       "application" = "confluentinc/cp-schema-registry:7.2.0"
TestTerraformConfluentPlatformExample 2022-07-27T23:35:52Z logger.go:66:       "init" = "confluentinc/confluent-init-container:2.4.0"
TestTerraformConfluentPlatformExample 2022-07-27T23:35:52Z logger.go:66:     }
TestTerraformConfluentPlatformExample 2022-07-27T23:35:52Z logger.go:66:     "replicas" = 3
TestTerraformConfluentPlatformExample 2022-07-27T23:35:52Z logger.go:66:   }
TestTerraformConfluentPlatformExample 2022-07-27T23:35:52Z logger.go:66: }
TestTerraformConfluentPlatformExample 2022-07-27T23:35:52Z logger.go:66: zookeeper = {
TestTerraformConfluentPlatformExample 2022-07-27T23:35:52Z logger.go:66:   "apiVersion" = "platform.confluent.io/v1beta1"
TestTerraformConfluentPlatformExample 2022-07-27T23:35:52Z logger.go:66:   "kind" = "Zookeeper"
TestTerraformConfluentPlatformExample 2022-07-27T23:35:52Z logger.go:66:   "metadata" = {
TestTerraformConfluentPlatformExample 2022-07-27T23:35:52Z logger.go:66:     "name" = "zookeeper"
TestTerraformConfluentPlatformExample 2022-07-27T23:35:52Z logger.go:66:     "namespace" = "confluent"
TestTerraformConfluentPlatformExample 2022-07-27T23:35:52Z logger.go:66:   }
TestTerraformConfluentPlatformExample 2022-07-27T23:35:52Z logger.go:66:   "spec" = {
TestTerraformConfluentPlatformExample 2022-07-27T23:35:52Z logger.go:66:     "dataVolumeCapacity" = "10Gi"
TestTerraformConfluentPlatformExample 2022-07-27T23:35:52Z logger.go:66:     "image" = {
TestTerraformConfluentPlatformExample 2022-07-27T23:35:52Z logger.go:66:       "application" = "confluentinc/cp-zookeeper:7.2.0"
TestTerraformConfluentPlatformExample 2022-07-27T23:35:52Z logger.go:66:       "init" = "confluentinc/confluent-init-container:2.4.0"
TestTerraformConfluentPlatformExample 2022-07-27T23:35:52Z logger.go:66:     }
TestTerraformConfluentPlatformExample 2022-07-27T23:35:52Z logger.go:66:     "logVolumeCapacity" = "10Gi"
TestTerraformConfluentPlatformExample 2022-07-27T23:35:52Z logger.go:66:     "replicas" = 3
TestTerraformConfluentPlatformExample 2022-07-27T23:35:52Z logger.go:66:   }
TestTerraformConfluentPlatformExample 2022-07-27T23:35:52Z logger.go:66: }
TestTerraformConfluentPlatformExample 2022-07-27T23:35:58Z retry.go:91: terraform [output -no-color -json zookeeper]
TestTerraformConfluentPlatformExample 2022-07-27T23:35:58Z logger.go:66: Running command terraform with args [output -no-color -json zookeeper]
TestTerraformConfluentPlatformExample 2022-07-27T23:36:02Z logger.go:66: {"apiVersion":"platform.confluent.io/v1beta1","kind":"Zookeeper","metadata":{"name":"zookeeper","namespace":"confluent"},"spec":{"dataVolumeCapacity":"10Gi","image":{"application":"confluentinc/cp-zookeeper:7.2.0","init":"confluentinc/confluent-init-container:2.4.0"},"logVolumeCapacity":"10Gi","replicas":3}}
TestTerraformConfluentPlatformExample 2022-07-27T23:36:02Z retry.go:91: terraform [output -no-color -json kafka]
TestTerraformConfluentPlatformExample 2022-07-27T23:36:02Z logger.go:66: Running command terraform with args [output -no-color -json kafka]
TestTerraformConfluentPlatformExample 2022-07-27T23:36:03Z logger.go:66: {"apiVersion":"platform.confluent.io/v1beta1","kind":"Kafka","metadata":{"name":"kafka","namespace":"confluent"},"spec":{"dataVolumeCapacity":"10Gi","image":{"application":"confluentinc/cp-server:7.2.0","init":"confluentinc/confluent-init-container:2.4.0"},"metricReporter":{"enabled":true},"replicas":3}}
TestTerraformConfluentPlatformExample 2022-07-27T23:36:03Z retry.go:91: terraform [output -no-color -json connect]
TestTerraformConfluentPlatformExample 2022-07-27T23:36:03Z logger.go:66: Running command terraform with args [output -no-color -json connect]
TestTerraformConfluentPlatformExample 2022-07-27T23:36:04Z logger.go:66: {"apiVersion":"platform.confluent.io/v1beta1","kind":"Connect","metadata":{"name":"connect","namespace":"confluent"},"spec":{"dependencies":{"kafka":{"bootstrapEndpoint":"kafka:9071"}},"image":{"application":"confluentinc/cp-server-connect:7.2.0","init":"confluentinc/confluent-init-container:2.4.0"},"replicas":1}}
TestTerraformConfluentPlatformExample 2022-07-27T23:36:04Z retry.go:91: terraform [output -no-color -json ksqldb]
TestTerraformConfluentPlatformExample 2022-07-27T23:36:04Z logger.go:66: Running command terraform with args [output -no-color -json ksqldb]
TestTerraformConfluentPlatformExample 2022-07-27T23:36:04Z logger.go:66: {"apiVersion":"platform.confluent.io/v1beta1","kind":"KsqlDB","metadata":{"name":"ksqldb","namespace":"confluent"},"spec":{"dataVolumeCapacity":"10Gi","image":{"application":"confluentinc/cp-ksqldb-server:7.2.0","init":"confluentinc/confluent-init-container:2.4.0"},"replicas":1}}
TestTerraformConfluentPlatformExample 2022-07-27T23:36:04Z retry.go:91: terraform [output -no-color -json controlcenter]
TestTerraformConfluentPlatformExample 2022-07-27T23:36:04Z logger.go:66: Running command terraform with args [output -no-color -json controlcenter]
TestTerraformConfluentPlatformExample 2022-07-27T23:36:05Z logger.go:66: {"apiVersion":"platform.confluent.io/v1beta1","kind":"ControlCenter","metadata":{"name":"controlcenter","namespace":"confluent"},"spec":{"dataVolumeCapacity":"10Gi","dependencies":{"connect":[{"name":"connect","url":"http://connect.confluent.svc.cluster.local:8083"}],"ksqldb":[{"name":"ksqldb","url":"http://ksqldb.confluent.svc.cluster.local:8088"}],"schemaRegistry":{"url":"http://schemaregistry.confluent.svc.cluster.local:8081"}},"image":{"application":"confluentinc/cp-enterprise-control-center:7.2.0","init":"confluentinc/confluent-init-container:2.4.0"},"replicas":1}}
TestTerraformConfluentPlatformExample 2022-07-27T23:36:05Z retry.go:91: terraform [output -no-color -json schemaregistry]
TestTerraformConfluentPlatformExample 2022-07-27T23:36:05Z logger.go:66: Running command terraform with args [output -no-color -json schemaregistry]
TestTerraformConfluentPlatformExample 2022-07-27T23:36:07Z logger.go:66: {"apiVersion":"platform.confluent.io/v1beta1","kind":"SchemaRegistry","metadata":{"name":"schemaregistry","namespace":"confluent"},"spec":{"image":{"application":"confluentinc/cp-schema-registry:7.2.0","init":"confluentinc/confluent-init-container:2.4.0"},"replicas":3}}
TestTerraformConfluentPlatformExample 2022-07-27T23:36:07Z retry.go:91: terraform [output -no-color -json kafkarestproxy]
TestTerraformConfluentPlatformExample 2022-07-27T23:36:07Z logger.go:66: Running command terraform with args [output -no-color -json kafkarestproxy]
TestTerraformConfluentPlatformExample 2022-07-27T23:36:08Z logger.go:66: {"apiVersion":"platform.confluent.io/v1beta1","kind":"KafkaRestProxy","metadata":{"name":"kafkarestproxy","namespace":"confluent"},"spec":{"dependencies":{"schemaRegistry":{"url":"http://schemaregistry.confluent.svc.cluster.local:8081"}},"image":{"application":"confluentinc/cp-kafka-rest:7.2.0","init":"confluentinc/confluent-init-container:2.4.0"},"replicas":1}}
TestTerraformConfluentPlatformExample 2022-07-27T23:36:08Z retry.go:91: terraform [apply -input=false -auto-approve -no-color -lock=false]
TestTerraformConfluentPlatformExample 2022-07-27T23:36:08Z logger.go:66: Running command terraform with args [apply -input=false -auto-approve -no-color -lock=false]
TestTerraformConfluentPlatformExample 2022-07-27T23:37:01Z logger.go:66: module.confluent_platform.kubernetes_manifest.kafkarestproxy[0]: Refreshing state...
TestTerraformConfluentPlatformExample 2022-07-27T23:37:02Z logger.go:66: module.confluent_platform.kubernetes_manifest.schemaregistry[0]: Refreshing state...
TestTerraformConfluentPlatformExample 2022-07-27T23:37:02Z logger.go:66: module.confluent_platform.kubernetes_manifest.zookeeper[0]: Refreshing state...
TestTerraformConfluentPlatformExample 2022-07-27T23:37:03Z logger.go:66: module.confluent_platform.kubernetes_manifest.kafka[0]: Refreshing state...
TestTerraformConfluentPlatformExample 2022-07-27T23:37:04Z logger.go:66: module.confluent_platform.kubernetes_manifest.ksqldb[0]: Refreshing state...
TestTerraformConfluentPlatformExample 2022-07-27T23:37:04Z logger.go:66: module.confluent_platform.kubernetes_manifest.controlcenter[0]: Refreshing state...
TestTerraformConfluentPlatformExample 2022-07-27T23:37:04Z logger.go:66: module.confluent_platform.kubernetes_manifest.connect[0]: Refreshing state...
TestTerraformConfluentPlatformExample 2022-07-27T23:37:20Z logger.go:66:
TestTerraformConfluentPlatformExample 2022-07-27T23:37:20Z logger.go:66: No changes. Your infrastructure matches the configuration.
TestTerraformConfluentPlatformExample 2022-07-27T23:37:20Z logger.go:66:
TestTerraformConfluentPlatformExample 2022-07-27T23:37:20Z logger.go:66: Terraform has compared your real infrastructure against your configuration
TestTerraformConfluentPlatformExample 2022-07-27T23:37:20Z logger.go:66: and found no differences, so no changes are needed.
TestTerraformConfluentPlatformExample 2022-07-27T23:37:22Z logger.go:66:
TestTerraformConfluentPlatformExample 2022-07-27T23:37:22Z logger.go:66: Apply complete! Resources: 0 added, 0 changed, 0 destroyed.
TestTerraformConfluentPlatformExample 2022-07-27T23:37:22Z logger.go:66:
TestTerraformConfluentPlatformExample 2022-07-27T23:37:22Z logger.go:66: Outputs:
TestTerraformConfluentPlatformExample 2022-07-27T23:37:22Z logger.go:66:
TestTerraformConfluentPlatformExample 2022-07-27T23:37:22Z logger.go:66: connect = {
TestTerraformConfluentPlatformExample 2022-07-27T23:37:22Z logger.go:66:   "apiVersion" = "platform.confluent.io/v1beta1"
TestTerraformConfluentPlatformExample 2022-07-27T23:37:22Z logger.go:66:   "kind" = "Connect"
TestTerraformConfluentPlatformExample 2022-07-27T23:37:22Z logger.go:66:   "metadata" = {
TestTerraformConfluentPlatformExample 2022-07-27T23:37:22Z logger.go:66:     "name" = "connect"
TestTerraformConfluentPlatformExample 2022-07-27T23:37:22Z logger.go:66:     "namespace" = "confluent"
TestTerraformConfluentPlatformExample 2022-07-27T23:37:22Z logger.go:66:   }
TestTerraformConfluentPlatformExample 2022-07-27T23:37:22Z logger.go:66:   "spec" = {
TestTerraformConfluentPlatformExample 2022-07-27T23:37:22Z logger.go:66:     "dependencies" = {
TestTerraformConfluentPlatformExample 2022-07-27T23:37:22Z logger.go:66:       "kafka" = {
TestTerraformConfluentPlatformExample 2022-07-27T23:37:22Z logger.go:66:         "bootstrapEndpoint" = "kafka:9071"
TestTerraformConfluentPlatformExample 2022-07-27T23:37:22Z logger.go:66:       }
TestTerraformConfluentPlatformExample 2022-07-27T23:37:22Z logger.go:66:     }
TestTerraformConfluentPlatformExample 2022-07-27T23:37:22Z logger.go:66:     "image" = {
TestTerraformConfluentPlatformExample 2022-07-27T23:37:22Z logger.go:66:       "application" = "confluentinc/cp-server-connect:7.2.0"
TestTerraformConfluentPlatformExample 2022-07-27T23:37:22Z logger.go:66:       "init" = "confluentinc/confluent-init-container:2.4.0"
TestTerraformConfluentPlatformExample 2022-07-27T23:37:22Z logger.go:66:     }
TestTerraformConfluentPlatformExample 2022-07-27T23:37:22Z logger.go:66:     "replicas" = 1
TestTerraformConfluentPlatformExample 2022-07-27T23:37:22Z logger.go:66:   }
TestTerraformConfluentPlatformExample 2022-07-27T23:37:22Z logger.go:66: }
TestTerraformConfluentPlatformExample 2022-07-27T23:37:22Z logger.go:66: controlcenter = {
TestTerraformConfluentPlatformExample 2022-07-27T23:37:22Z logger.go:66:   "apiVersion" = "platform.confluent.io/v1beta1"
TestTerraformConfluentPlatformExample 2022-07-27T23:37:22Z logger.go:66:   "kind" = "ControlCenter"
TestTerraformConfluentPlatformExample 2022-07-27T23:37:22Z logger.go:66:   "metadata" = {
TestTerraformConfluentPlatformExample 2022-07-27T23:37:22Z logger.go:66:     "name" = "controlcenter"
TestTerraformConfluentPlatformExample 2022-07-27T23:37:22Z logger.go:66:     "namespace" = "confluent"
TestTerraformConfluentPlatformExample 2022-07-27T23:37:22Z logger.go:66:   }
TestTerraformConfluentPlatformExample 2022-07-27T23:37:22Z logger.go:66:   "spec" = {
TestTerraformConfluentPlatformExample 2022-07-27T23:37:22Z logger.go:66:     "dataVolumeCapacity" = "10Gi"
TestTerraformConfluentPlatformExample 2022-07-27T23:37:22Z logger.go:66:     "dependencies" = {
TestTerraformConfluentPlatformExample 2022-07-27T23:37:22Z logger.go:66:       "connect" = [
TestTerraformConfluentPlatformExample 2022-07-27T23:37:22Z logger.go:66:         {
TestTerraformConfluentPlatformExample 2022-07-27T23:37:22Z logger.go:66:           "name" = "connect"
TestTerraformConfluentPlatformExample 2022-07-27T23:37:22Z logger.go:66:           "url" = "http://connect.confluent.svc.cluster.local:8083"
TestTerraformConfluentPlatformExample 2022-07-27T23:37:22Z logger.go:66:         },
TestTerraformConfluentPlatformExample 2022-07-27T23:37:22Z logger.go:66:       ]
TestTerraformConfluentPlatformExample 2022-07-27T23:37:22Z logger.go:66:       "ksqldb" = [
TestTerraformConfluentPlatformExample 2022-07-27T23:37:22Z logger.go:66:         {
TestTerraformConfluentPlatformExample 2022-07-27T23:37:22Z logger.go:66:           "name" = "ksqldb"
TestTerraformConfluentPlatformExample 2022-07-27T23:37:22Z logger.go:66:           "url" = "http://ksqldb.confluent.svc.cluster.local:8088"
TestTerraformConfluentPlatformExample 2022-07-27T23:37:22Z logger.go:66:         },
TestTerraformConfluentPlatformExample 2022-07-27T23:37:22Z logger.go:66:       ]
TestTerraformConfluentPlatformExample 2022-07-27T23:37:22Z logger.go:66:       "schemaRegistry" = {
TestTerraformConfluentPlatformExample 2022-07-27T23:37:22Z logger.go:66:         "url" = "http://schemaregistry.confluent.svc.cluster.local:8081"
TestTerraformConfluentPlatformExample 2022-07-27T23:37:22Z logger.go:66:       }
TestTerraformConfluentPlatformExample 2022-07-27T23:37:22Z logger.go:66:     }
TestTerraformConfluentPlatformExample 2022-07-27T23:37:22Z logger.go:66:     "image" = {
TestTerraformConfluentPlatformExample 2022-07-27T23:37:22Z logger.go:66:       "application" = "confluentinc/cp-enterprise-control-center:7.2.0"
TestTerraformConfluentPlatformExample 2022-07-27T23:37:22Z logger.go:66:       "init" = "confluentinc/confluent-init-container:2.4.0"
TestTerraformConfluentPlatformExample 2022-07-27T23:37:22Z logger.go:66:     }
TestTerraformConfluentPlatformExample 2022-07-27T23:37:22Z logger.go:66:     "replicas" = 1
TestTerraformConfluentPlatformExample 2022-07-27T23:37:22Z logger.go:66:   }
TestTerraformConfluentPlatformExample 2022-07-27T23:37:22Z logger.go:66: }
TestTerraformConfluentPlatformExample 2022-07-27T23:37:22Z logger.go:66: kafka = {
TestTerraformConfluentPlatformExample 2022-07-27T23:37:22Z logger.go:66:   "apiVersion" = "platform.confluent.io/v1beta1"
TestTerraformConfluentPlatformExample 2022-07-27T23:37:22Z logger.go:66:   "kind" = "Kafka"
TestTerraformConfluentPlatformExample 2022-07-27T23:37:22Z logger.go:66:   "metadata" = {
TestTerraformConfluentPlatformExample 2022-07-27T23:37:22Z logger.go:66:     "name" = "kafka"
TestTerraformConfluentPlatformExample 2022-07-27T23:37:22Z logger.go:66:     "namespace" = "confluent"
TestTerraformConfluentPlatformExample 2022-07-27T23:37:22Z logger.go:66:   }
TestTerraformConfluentPlatformExample 2022-07-27T23:37:22Z logger.go:66:   "spec" = {
TestTerraformConfluentPlatformExample 2022-07-27T23:37:22Z logger.go:66:     "dataVolumeCapacity" = "10Gi"
TestTerraformConfluentPlatformExample 2022-07-27T23:37:22Z logger.go:66:     "image" = {
TestTerraformConfluentPlatformExample 2022-07-27T23:37:22Z logger.go:66:       "application" = "confluentinc/cp-server:7.2.0"
TestTerraformConfluentPlatformExample 2022-07-27T23:37:22Z logger.go:66:       "init" = "confluentinc/confluent-init-container:2.4.0"
TestTerraformConfluentPlatformExample 2022-07-27T23:37:22Z logger.go:66:     }
TestTerraformConfluentPlatformExample 2022-07-27T23:37:22Z logger.go:66:     "metricReporter" = {
TestTerraformConfluentPlatformExample 2022-07-27T23:37:22Z logger.go:66:       "enabled" = true
TestTerraformConfluentPlatformExample 2022-07-27T23:37:22Z logger.go:66:     }
TestTerraformConfluentPlatformExample 2022-07-27T23:37:22Z logger.go:66:     "replicas" = 3
TestTerraformConfluentPlatformExample 2022-07-27T23:37:22Z logger.go:66:   }
TestTerraformConfluentPlatformExample 2022-07-27T23:37:22Z logger.go:66: }
TestTerraformConfluentPlatformExample 2022-07-27T23:37:22Z logger.go:66: kafkarestproxy = {
TestTerraformConfluentPlatformExample 2022-07-27T23:37:22Z logger.go:66:   "apiVersion" = "platform.confluent.io/v1beta1"
TestTerraformConfluentPlatformExample 2022-07-27T23:37:22Z logger.go:66:   "kind" = "KafkaRestProxy"
TestTerraformConfluentPlatformExample 2022-07-27T23:37:22Z logger.go:66:   "metadata" = {
TestTerraformConfluentPlatformExample 2022-07-27T23:37:22Z logger.go:66:     "name" = "kafkarestproxy"
TestTerraformConfluentPlatformExample 2022-07-27T23:37:22Z logger.go:66:     "namespace" = "confluent"
TestTerraformConfluentPlatformExample 2022-07-27T23:37:22Z logger.go:66:   }
TestTerraformConfluentPlatformExample 2022-07-27T23:37:22Z logger.go:66:   "spec" = {
TestTerraformConfluentPlatformExample 2022-07-27T23:37:22Z logger.go:66:     "dependencies" = {
TestTerraformConfluentPlatformExample 2022-07-27T23:37:22Z logger.go:66:       "schemaRegistry" = {
TestTerraformConfluentPlatformExample 2022-07-27T23:37:22Z logger.go:66:         "url" = "http://schemaregistry.confluent.svc.cluster.local:8081"
TestTerraformConfluentPlatformExample 2022-07-27T23:37:22Z logger.go:66:       }
TestTerraformConfluentPlatformExample 2022-07-27T23:37:22Z logger.go:66:     }
TestTerraformConfluentPlatformExample 2022-07-27T23:37:22Z logger.go:66:     "image" = {
TestTerraformConfluentPlatformExample 2022-07-27T23:37:22Z logger.go:66:       "application" = "confluentinc/cp-kafka-rest:7.2.0"
TestTerraformConfluentPlatformExample 2022-07-27T23:37:22Z logger.go:66:       "init" = "confluentinc/confluent-init-container:2.4.0"
TestTerraformConfluentPlatformExample 2022-07-27T23:37:22Z logger.go:66:     }
TestTerraformConfluentPlatformExample 2022-07-27T23:37:22Z logger.go:66:     "replicas" = 1
TestTerraformConfluentPlatformExample 2022-07-27T23:37:22Z logger.go:66:   }
TestTerraformConfluentPlatformExample 2022-07-27T23:37:22Z logger.go:66: }
TestTerraformConfluentPlatformExample 2022-07-27T23:37:22Z logger.go:66: ksqldb = {
TestTerraformConfluentPlatformExample 2022-07-27T23:37:22Z logger.go:66:   "apiVersion" = "platform.confluent.io/v1beta1"
TestTerraformConfluentPlatformExample 2022-07-27T23:37:22Z logger.go:66:   "kind" = "KsqlDB"
TestTerraformConfluentPlatformExample 2022-07-27T23:37:22Z logger.go:66:   "metadata" = {
TestTerraformConfluentPlatformExample 2022-07-27T23:37:22Z logger.go:66:     "name" = "ksqldb"
TestTerraformConfluentPlatformExample 2022-07-27T23:37:22Z logger.go:66:     "namespace" = "confluent"
TestTerraformConfluentPlatformExample 2022-07-27T23:37:22Z logger.go:66:   }
TestTerraformConfluentPlatformExample 2022-07-27T23:37:22Z logger.go:66:   "spec" = {
TestTerraformConfluentPlatformExample 2022-07-27T23:37:22Z logger.go:66:     "dataVolumeCapacity" = "10Gi"
TestTerraformConfluentPlatformExample 2022-07-27T23:37:22Z logger.go:66:     "image" = {
TestTerraformConfluentPlatformExample 2022-07-27T23:37:22Z logger.go:66:       "application" = "confluentinc/cp-ksqldb-server:7.2.0"
TestTerraformConfluentPlatformExample 2022-07-27T23:37:22Z logger.go:66:       "init" = "confluentinc/confluent-init-container:2.4.0"
TestTerraformConfluentPlatformExample 2022-07-27T23:37:22Z logger.go:66:     }
TestTerraformConfluentPlatformExample 2022-07-27T23:37:22Z logger.go:66:     "replicas" = 1
TestTerraformConfluentPlatformExample 2022-07-27T23:37:22Z logger.go:66:   }
TestTerraformConfluentPlatformExample 2022-07-27T23:37:22Z logger.go:66: }
TestTerraformConfluentPlatformExample 2022-07-27T23:37:22Z logger.go:66: namespace = "confluent"
TestTerraformConfluentPlatformExample 2022-07-27T23:37:22Z logger.go:66: schemaregistry = {
TestTerraformConfluentPlatformExample 2022-07-27T23:37:22Z logger.go:66:   "apiVersion" = "platform.confluent.io/v1beta1"
TestTerraformConfluentPlatformExample 2022-07-27T23:37:22Z logger.go:66:   "kind" = "SchemaRegistry"
TestTerraformConfluentPlatformExample 2022-07-27T23:37:22Z logger.go:66:   "metadata" = {
TestTerraformConfluentPlatformExample 2022-07-27T23:37:22Z logger.go:66:     "name" = "schemaregistry"
TestTerraformConfluentPlatformExample 2022-07-27T23:37:22Z logger.go:66:     "namespace" = "confluent"
TestTerraformConfluentPlatformExample 2022-07-27T23:37:22Z logger.go:66:   }
TestTerraformConfluentPlatformExample 2022-07-27T23:37:22Z logger.go:66:   "spec" = {
TestTerraformConfluentPlatformExample 2022-07-27T23:37:22Z logger.go:66:     "image" = {
TestTerraformConfluentPlatformExample 2022-07-27T23:37:22Z logger.go:66:       "application" = "confluentinc/cp-schema-registry:7.2.0"
TestTerraformConfluentPlatformExample 2022-07-27T23:37:22Z logger.go:66:       "init" = "confluentinc/confluent-init-container:2.4.0"
TestTerraformConfluentPlatformExample 2022-07-27T23:37:22Z logger.go:66:     }
TestTerraformConfluentPlatformExample 2022-07-27T23:37:22Z logger.go:66:     "replicas" = 3
TestTerraformConfluentPlatformExample 2022-07-27T23:37:22Z logger.go:66:   }
TestTerraformConfluentPlatformExample 2022-07-27T23:37:22Z logger.go:66: }
TestTerraformConfluentPlatformExample 2022-07-27T23:37:22Z logger.go:66: zookeeper = {
TestTerraformConfluentPlatformExample 2022-07-27T23:37:22Z logger.go:66:   "apiVersion" = "platform.confluent.io/v1beta1"
TestTerraformConfluentPlatformExample 2022-07-27T23:37:22Z logger.go:66:   "kind" = "Zookeeper"
TestTerraformConfluentPlatformExample 2022-07-27T23:37:22Z logger.go:66:   "metadata" = {
TestTerraformConfluentPlatformExample 2022-07-27T23:37:22Z logger.go:66:     "name" = "zookeeper"
TestTerraformConfluentPlatformExample 2022-07-27T23:37:22Z logger.go:66:     "namespace" = "confluent"
TestTerraformConfluentPlatformExample 2022-07-27T23:37:22Z logger.go:66:   }
TestTerraformConfluentPlatformExample 2022-07-27T23:37:22Z logger.go:66:   "spec" = {
TestTerraformConfluentPlatformExample 2022-07-27T23:37:22Z logger.go:66:     "dataVolumeCapacity" = "10Gi"
TestTerraformConfluentPlatformExample 2022-07-27T23:37:22Z logger.go:66:     "image" = {
TestTerraformConfluentPlatformExample 2022-07-27T23:37:22Z logger.go:66:       "application" = "confluentinc/cp-zookeeper:7.2.0"
TestTerraformConfluentPlatformExample 2022-07-27T23:37:22Z logger.go:66:       "init" = "confluentinc/confluent-init-container:2.4.0"
TestTerraformConfluentPlatformExample 2022-07-27T23:37:22Z logger.go:66:     }
TestTerraformConfluentPlatformExample 2022-07-27T23:37:22Z logger.go:66:     "logVolumeCapacity" = "10Gi"
TestTerraformConfluentPlatformExample 2022-07-27T23:37:22Z logger.go:66:     "replicas" = 3
TestTerraformConfluentPlatformExample 2022-07-27T23:37:22Z logger.go:66:   }
TestTerraformConfluentPlatformExample 2022-07-27T23:37:22Z logger.go:66: }
TestTerraformConfluentPlatformExample 2022-07-27T23:37:23Z logger.go:66: Running terraform with args [plan -input=false -detailed-exitcode -no-color -lock=false]
TestTerraformConfluentPlatformExample 2022-07-27T23:37:23Z logger.go:66: Running command terraform with args [plan -input=false -detailed-exitcode -no-color -lock=false]
TestTerraformConfluentPlatformExample 2022-07-27T23:37:34Z logger.go:66: module.confluent_platform.kubernetes_manifest.schemaregistry[0]: Refreshing state...
TestTerraformConfluentPlatformExample 2022-07-27T23:37:34Z logger.go:66: module.confluent_platform.kubernetes_manifest.zookeeper[0]: Refreshing state...
TestTerraformConfluentPlatformExample 2022-07-27T23:37:35Z logger.go:66: module.confluent_platform.kubernetes_manifest.kafkarestproxy[0]: Refreshing state...
TestTerraformConfluentPlatformExample 2022-07-27T23:37:35Z logger.go:66: module.confluent_platform.kubernetes_manifest.connect[0]: Refreshing state...
TestTerraformConfluentPlatformExample 2022-07-27T23:37:35Z logger.go:66: module.confluent_platform.kubernetes_manifest.ksqldb[0]: Refreshing state...
TestTerraformConfluentPlatformExample 2022-07-27T23:37:35Z logger.go:66: module.confluent_platform.kubernetes_manifest.controlcenter[0]: Refreshing state...
TestTerraformConfluentPlatformExample 2022-07-27T23:37:37Z logger.go:66: module.confluent_platform.kubernetes_manifest.kafka[0]: Refreshing state...
TestTerraformConfluentPlatformExample 2022-07-27T23:37:41Z logger.go:66:
TestTerraformConfluentPlatformExample 2022-07-27T23:37:41Z logger.go:66: No changes. Your infrastructure matches the configuration.
TestTerraformConfluentPlatformExample 2022-07-27T23:37:41Z logger.go:66:
TestTerraformConfluentPlatformExample 2022-07-27T23:37:41Z logger.go:66: Terraform has compared your real infrastructure against your configuration
TestTerraformConfluentPlatformExample 2022-07-27T23:37:41Z logger.go:66: and found no differences, so no changes are needed.
TestTerraformConfluentPlatformExample 2022-07-27T23:37:41Z retry.go:91: terraform [destroy -auto-approve -input=false -no-color -lock=false]
TestTerraformConfluentPlatformExample 2022-07-27T23:37:41Z logger.go:66: Running command terraform with args [destroy -auto-approve -input=false -no-color -lock=false]
TestTerraformConfluentPlatformExample 2022-07-27T23:37:50Z logger.go:66: module.confluent_platform.kubernetes_manifest.schemaregistry[0]: Refreshing state...
TestTerraformConfluentPlatformExample 2022-07-27T23:37:50Z logger.go:66: module.confluent_platform.kubernetes_manifest.zookeeper[0]: Refreshing state...
TestTerraformConfluentPlatformExample 2022-07-27T23:37:50Z logger.go:66: module.confluent_platform.kubernetes_manifest.ksqldb[0]: Refreshing state...
TestTerraformConfluentPlatformExample 2022-07-27T23:37:51Z logger.go:66: module.confluent_platform.kubernetes_manifest.connect[0]: Refreshing state...
TestTerraformConfluentPlatformExample 2022-07-27T23:37:51Z logger.go:66: module.confluent_platform.kubernetes_manifest.controlcenter[0]: Refreshing state...
TestTerraformConfluentPlatformExample 2022-07-27T23:37:51Z logger.go:66: module.confluent_platform.kubernetes_manifest.kafkarestproxy[0]: Refreshing state...
TestTerraformConfluentPlatformExample 2022-07-27T23:37:51Z logger.go:66: module.confluent_platform.kubernetes_manifest.kafka[0]: Refreshing state...
TestTerraformConfluentPlatformExample 2022-07-27T23:37:57Z logger.go:66:
TestTerraformConfluentPlatformExample 2022-07-27T23:37:57Z logger.go:66: Terraform used the selected providers to generate the following execution
TestTerraformConfluentPlatformExample 2022-07-27T23:37:57Z logger.go:66: plan. Resource actions are indicated with the following symbols:
TestTerraformConfluentPlatformExample 2022-07-27T23:37:57Z logger.go:66:   - destroy
TestTerraformConfluentPlatformExample 2022-07-27T23:37:57Z logger.go:66:
TestTerraformConfluentPlatformExample 2022-07-27T23:37:57Z logger.go:66: Terraform will perform the following actions:
TestTerraformConfluentPlatformExample 2022-07-27T23:37:57Z logger.go:66:
TestTerraformConfluentPlatformExample 2022-07-27T23:37:57Z logger.go:66:   # module.confluent_platform.kubernetes_manifest.connect[0] will be destroyed
TestTerraformConfluentPlatformExample 2022-07-27T23:37:57Z logger.go:66:   - resource "kubernetes_manifest" "connect" {
TestTerraformConfluentPlatformExample 2022-07-27T23:37:57Z logger.go:66:       - computed_fields = [
TestTerraformConfluentPlatformExample 2022-07-27T23:37:57Z logger.go:66:           - "metadata.finalizers",
TestTerraformConfluentPlatformExample 2022-07-27T23:37:57Z logger.go:66:         ] -> null
TestTerraformConfluentPlatformExample 2022-07-27T23:37:57Z logger.go:66:       - manifest        = {
TestTerraformConfluentPlatformExample 2022-07-27T23:37:57Z logger.go:66:           - apiVersion = "platform.confluent.io/v1beta1"
TestTerraformConfluentPlatformExample 2022-07-27T23:37:57Z logger.go:66:           - kind       = "Connect"
TestTerraformConfluentPlatformExample 2022-07-27T23:37:57Z logger.go:66:           - metadata   = {
TestTerraformConfluentPlatformExample 2022-07-27T23:37:57Z logger.go:66:               - name      = "connect"
TestTerraformConfluentPlatformExample 2022-07-27T23:37:57Z logger.go:66:               - namespace = "confluent"
TestTerraformConfluentPlatformExample 2022-07-27T23:37:57Z logger.go:66:             }
TestTerraformConfluentPlatformExample 2022-07-27T23:37:57Z logger.go:66:           - spec       = {
TestTerraformConfluentPlatformExample 2022-07-27T23:37:57Z logger.go:66:               - dependencies = {
TestTerraformConfluentPlatformExample 2022-07-27T23:37:57Z logger.go:66:                   - kafka = {
TestTerraformConfluentPlatformExample 2022-07-27T23:37:57Z logger.go:66:                       - bootstrapEndpoint = "kafka:9071"
TestTerraformConfluentPlatformExample 2022-07-27T23:37:57Z logger.go:66:                     }
TestTerraformConfluentPlatformExample 2022-07-27T23:37:57Z logger.go:66:                 }
TestTerraformConfluentPlatformExample 2022-07-27T23:37:57Z logger.go:66:               - image        = {
TestTerraformConfluentPlatformExample 2022-07-27T23:37:57Z logger.go:66:                   - application = "confluentinc/cp-server-connect:7.2.0"
TestTerraformConfluentPlatformExample 2022-07-27T23:37:57Z logger.go:66:                   - init        = "confluentinc/confluent-init-container:2.4.0"
TestTerraformConfluentPlatformExample 2022-07-27T23:37:57Z logger.go:66:                 }
TestTerraformConfluentPlatformExample 2022-07-27T23:37:57Z logger.go:66:               - replicas     = 1
TestTerraformConfluentPlatformExample 2022-07-27T23:37:57Z logger.go:66:             }
TestTerraformConfluentPlatformExample 2022-07-27T23:37:57Z logger.go:66:         } -> null
TestTerraformConfluentPlatformExample 2022-07-27T23:37:57Z logger.go:66:       - object          = {
TestTerraformConfluentPlatformExample 2022-07-27T23:37:57Z logger.go:66:           - apiVersion = "platform.confluent.io/v1beta1"
TestTerraformConfluentPlatformExample 2022-07-27T23:37:57Z logger.go:66:           - kind       = "Connect"
TestTerraformConfluentPlatformExample 2022-07-27T23:37:57Z logger.go:66:           - metadata   = {
TestTerraformConfluentPlatformExample 2022-07-27T23:37:57Z logger.go:66:               - annotations                = null
TestTerraformConfluentPlatformExample 2022-07-27T23:37:57Z logger.go:66:               - clusterName                = null
TestTerraformConfluentPlatformExample 2022-07-27T23:37:57Z logger.go:66:               - creationTimestamp          = null
TestTerraformConfluentPlatformExample 2022-07-27T23:37:57Z logger.go:66:               - deletionGracePeriodSeconds = null
TestTerraformConfluentPlatformExample 2022-07-27T23:37:57Z logger.go:66:               - deletionTimestamp          = null
TestTerraformConfluentPlatformExample 2022-07-27T23:37:57Z logger.go:66:               - finalizers                 = [
TestTerraformConfluentPlatformExample 2022-07-27T23:37:57Z logger.go:66:                   - "connect.finalizers.platform.confluent.io",
TestTerraformConfluentPlatformExample 2022-07-27T23:37:57Z logger.go:66:                 ]
TestTerraformConfluentPlatformExample 2022-07-27T23:37:57Z logger.go:66:               - generateName               = null
TestTerraformConfluentPlatformExample 2022-07-27T23:37:57Z logger.go:66:               - generation                 = null
TestTerraformConfluentPlatformExample 2022-07-27T23:37:57Z logger.go:66:               - labels                     = null
TestTerraformConfluentPlatformExample 2022-07-27T23:37:57Z logger.go:66:               - managedFields              = null
TestTerraformConfluentPlatformExample 2022-07-27T23:37:57Z logger.go:66:               - name                       = "connect"
TestTerraformConfluentPlatformExample 2022-07-27T23:37:57Z logger.go:66:               - namespace                  = "confluent"
TestTerraformConfluentPlatformExample 2022-07-27T23:37:57Z logger.go:66:               - ownerReferences            = null
TestTerraformConfluentPlatformExample 2022-07-27T23:37:57Z logger.go:66:               - resourceVersion            = null
TestTerraformConfluentPlatformExample 2022-07-27T23:37:57Z logger.go:66:               - selfLink                   = null
TestTerraformConfluentPlatformExample 2022-07-27T23:37:57Z logger.go:66:               - uid                        = null
TestTerraformConfluentPlatformExample 2022-07-27T23:37:57Z logger.go:66:             }
TestTerraformConfluentPlatformExample 2022-07-27T23:37:57Z logger.go:66:           - spec       = {
TestTerraformConfluentPlatformExample 2022-07-27T23:37:57Z logger.go:66:               - authentication                 = {
TestTerraformConfluentPlatformExample 2022-07-27T23:37:57Z logger.go:66:                   - basic = {
TestTerraformConfluentPlatformExample 2022-07-27T23:37:57Z logger.go:66:                       - debug                    = null
TestTerraformConfluentPlatformExample 2022-07-27T23:37:57Z logger.go:66:                       - directoryPathInContainer = null
TestTerraformConfluentPlatformExample 2022-07-27T23:37:57Z logger.go:66:                       - restrictedRoles          = null
TestTerraformConfluentPlatformExample 2022-07-27T23:37:57Z logger.go:66:                       - roles                    = null
TestTerraformConfluentPlatformExample 2022-07-27T23:37:57Z logger.go:66:                       - secretRef                = null
TestTerraformConfluentPlatformExample 2022-07-27T23:37:57Z logger.go:66:                     }
TestTerraformConfluentPlatformExample 2022-07-27T23:37:57Z logger.go:66:                   - type  = null
TestTerraformConfluentPlatformExample 2022-07-27T23:37:57Z logger.go:66:                 }
TestTerraformConfluentPlatformExample 2022-07-27T23:37:57Z logger.go:66:               - authorization                  = {
TestTerraformConfluentPlatformExample 2022-07-27T23:37:57Z logger.go:66:                   - kafkaRestClassRef = {
TestTerraformConfluentPlatformExample 2022-07-27T23:37:57Z logger.go:66:                       - name      = null
TestTerraformConfluentPlatformExample 2022-07-27T23:37:57Z logger.go:66:                       - namespace = null
TestTerraformConfluentPlatformExample 2022-07-27T23:37:57Z logger.go:66:                     }
TestTerraformConfluentPlatformExample 2022-07-27T23:37:57Z logger.go:66:                   - type              = null
TestTerraformConfluentPlatformExample 2022-07-27T23:37:57Z logger.go:66:                 }
TestTerraformConfluentPlatformExample 2022-07-27T23:37:57Z logger.go:66:               - build                          = {
TestTerraformConfluentPlatformExample 2022-07-27T23:37:57Z logger.go:66:                   - onDemand = {
TestTerraformConfluentPlatformExample 2022-07-27T23:37:57Z logger.go:66:                       - plugins      = {
TestTerraformConfluentPlatformExample 2022-07-27T23:37:57Z logger.go:66:                           - confluentHub = null
TestTerraformConfluentPlatformExample 2022-07-27T23:37:57Z logger.go:66:                           - locationType = null
TestTerraformConfluentPlatformExample 2022-07-27T23:37:57Z logger.go:66:                           - url          = null
TestTerraformConfluentPlatformExample 2022-07-27T23:37:57Z logger.go:66:                         }
TestTerraformConfluentPlatformExample 2022-07-27T23:37:57Z logger.go:66:                       - storageLimit = null
TestTerraformConfluentPlatformExample 2022-07-27T23:37:57Z logger.go:66:                     }
TestTerraformConfluentPlatformExample 2022-07-27T23:37:57Z logger.go:66:                   - type     = null
TestTerraformConfluentPlatformExample 2022-07-27T23:37:57Z logger.go:66:                 }
TestTerraformConfluentPlatformExample 2022-07-27T23:37:57Z logger.go:66:               - configOverrides                = {
TestTerraformConfluentPlatformExample 2022-07-27T23:37:57Z logger.go:66:                   - jvm    = null
TestTerraformConfluentPlatformExample 2022-07-27T23:37:57Z logger.go:66:                   - log4j  = null
TestTerraformConfluentPlatformExample 2022-07-27T23:37:57Z logger.go:66:                   - server = null
TestTerraformConfluentPlatformExample 2022-07-27T23:37:57Z logger.go:66:                 }
TestTerraformConfluentPlatformExample 2022-07-27T23:37:57Z logger.go:66:               - connectorOverridePolicy        = null
TestTerraformConfluentPlatformExample 2022-07-27T23:37:57Z logger.go:66:               - connectorTLSCerts              = null
TestTerraformConfluentPlatformExample 2022-07-27T23:37:57Z logger.go:66:               - dependencies                   = {
TestTerraformConfluentPlatformExample 2022-07-27T23:37:57Z logger.go:66:                   - admin          = {
TestTerraformConfluentPlatformExample 2022-07-27T23:37:57Z logger.go:66:                       - authentication    = {
TestTerraformConfluentPlatformExample 2022-07-27T23:37:57Z logger.go:66:                           - jaasConfig            = {
TestTerraformConfluentPlatformExample 2022-07-27T23:37:57Z logger.go:66:                               - secretRef = null
TestTerraformConfluentPlatformExample 2022-07-27T23:37:57Z logger.go:66:                             }
TestTerraformConfluentPlatformExample 2022-07-27T23:37:57Z logger.go:66:                           - jaasConfigPassThrough = {
TestTerraformConfluentPlatformExample 2022-07-27T23:37:57Z logger.go:66:                               - directoryPathInContainer = null
TestTerraformConfluentPlatformExample 2022-07-27T23:37:57Z logger.go:66:                               - secretRef                = null
TestTerraformConfluentPlatformExample 2022-07-27T23:37:57Z logger.go:66:                             }
TestTerraformConfluentPlatformExample 2022-07-27T23:37:57Z logger.go:66:                           - oauthbearer           = {
TestTerraformConfluentPlatformExample 2022-07-27T23:37:57Z logger.go:66:                               - directoryPathInContainer = null
TestTerraformConfluentPlatformExample 2022-07-27T23:37:57Z logger.go:66:                               - secretRef                = null
TestTerraformConfluentPlatformExample 2022-07-27T23:37:57Z logger.go:66:                             }
TestTerraformConfluentPlatformExample 2022-07-27T23:37:57Z logger.go:66:                           - type                  = null
TestTerraformConfluentPlatformExample 2022-07-27T23:37:57Z logger.go:66:                         }
TestTerraformConfluentPlatformExample 2022-07-27T23:37:57Z logger.go:66:                       - bootstrapEndpoint = null
TestTerraformConfluentPlatformExample 2022-07-27T23:37:57Z logger.go:66:                       - discovery         = {
TestTerraformConfluentPlatformExample 2022-07-27T23:37:57Z logger.go:66:                           - name      = null
TestTerraformConfluentPlatformExample 2022-07-27T23:37:57Z logger.go:66:                           - namespace = null
TestTerraformConfluentPlatformExample 2022-07-27T23:37:57Z logger.go:66:                           - secretRef = null
TestTerraformConfluentPlatformExample 2022-07-27T23:37:57Z logger.go:66:                         }
TestTerraformConfluentPlatformExample 2022-07-27T23:37:57Z logger.go:66:                       - tls               = {
TestTerraformConfluentPlatformExample 2022-07-27T23:37:57Z logger.go:66:                           - directoryPathInContainer = null
TestTerraformConfluentPlatformExample 2022-07-27T23:37:57Z logger.go:66:                           - enabled                  = null
TestTerraformConfluentPlatformExample 2022-07-27T23:37:57Z logger.go:66:                           - ignoreTrustStoreConfig   = null
TestTerraformConfluentPlatformExample 2022-07-27T23:37:57Z logger.go:66:                           - jksPassword              = {
TestTerraformConfluentPlatformExample 2022-07-27T23:37:57Z logger.go:66:                               - secretRef = null
TestTerraformConfluentPlatformExample 2022-07-27T23:37:57Z logger.go:66:                             }
TestTerraformConfluentPlatformExample 2022-07-27T23:37:57Z logger.go:66:                           - secretRef                = null
TestTerraformConfluentPlatformExample 2022-07-27T23:37:57Z logger.go:66:                         }
TestTerraformConfluentPlatformExample 2022-07-27T23:37:57Z logger.go:66:                     }
TestTerraformConfluentPlatformExample 2022-07-27T23:37:57Z logger.go:66:                   - consumer       = {
TestTerraformConfluentPlatformExample 2022-07-27T23:37:57Z logger.go:66:                       - authentication    = {
TestTerraformConfluentPlatformExample 2022-07-27T23:37:57Z logger.go:66:                           - jaasConfig            = {
TestTerraformConfluentPlatformExample 2022-07-27T23:37:57Z logger.go:66:                               - secretRef = null
TestTerraformConfluentPlatformExample 2022-07-27T23:37:57Z logger.go:66:                             }
TestTerraformConfluentPlatformExample 2022-07-27T23:37:57Z logger.go:66:                           - jaasConfigPassThrough = {
TestTerraformConfluentPlatformExample 2022-07-27T23:37:57Z logger.go:66:                               - directoryPathInContainer = null
TestTerraformConfluentPlatformExample 2022-07-27T23:37:57Z logger.go:66:                               - secretRef                = null
TestTerraformConfluentPlatformExample 2022-07-27T23:37:57Z logger.go:66:                             }
TestTerraformConfluentPlatformExample 2022-07-27T23:37:57Z logger.go:66:                           - oauthbearer           = {
TestTerraformConfluentPlatformExample 2022-07-27T23:37:57Z logger.go:66:                               - directoryPathInContainer = null
TestTerraformConfluentPlatformExample 2022-07-27T23:37:57Z logger.go:66:                               - secretRef                = null
TestTerraformConfluentPlatformExample 2022-07-27T23:37:57Z logger.go:66:                             }
TestTerraformConfluentPlatformExample 2022-07-27T23:37:57Z logger.go:66:                           - type                  = null
TestTerraformConfluentPlatformExample 2022-07-27T23:37:57Z logger.go:66:                         }
TestTerraformConfluentPlatformExample 2022-07-27T23:37:57Z logger.go:66:                       - bootstrapEndpoint = null
TestTerraformConfluentPlatformExample 2022-07-27T23:37:57Z logger.go:66:                       - discovery         = {
TestTerraformConfluentPlatformExample 2022-07-27T23:37:57Z logger.go:66:                           - name      = null
TestTerraformConfluentPlatformExample 2022-07-27T23:37:57Z logger.go:66:                           - namespace = null
TestTerraformConfluentPlatformExample 2022-07-27T23:37:57Z logger.go:66:                           - secretRef = null
TestTerraformConfluentPlatformExample 2022-07-27T23:37:57Z logger.go:66:                         }
TestTerraformConfluentPlatformExample 2022-07-27T23:37:57Z logger.go:66:                       - tls               = {
TestTerraformConfluentPlatformExample 2022-07-27T23:37:57Z logger.go:66:                           - directoryPathInContainer = null
TestTerraformConfluentPlatformExample 2022-07-27T23:37:57Z logger.go:66:                           - enabled                  = null
TestTerraformConfluentPlatformExample 2022-07-27T23:37:57Z logger.go:66:                           - ignoreTrustStoreConfig   = null
TestTerraformConfluentPlatformExample 2022-07-27T23:37:57Z logger.go:66:                           - jksPassword              = {
TestTerraformConfluentPlatformExample 2022-07-27T23:37:57Z logger.go:66:                               - secretRef = null
TestTerraformConfluentPlatformExample 2022-07-27T23:37:57Z logger.go:66:                             }
TestTerraformConfluentPlatformExample 2022-07-27T23:37:57Z logger.go:66:                           - secretRef                = null
TestTerraformConfluentPlatformExample 2022-07-27T23:37:57Z logger.go:66:                         }
TestTerraformConfluentPlatformExample 2022-07-27T23:37:57Z logger.go:66:                     }
TestTerraformConfluentPlatformExample 2022-07-27T23:37:57Z logger.go:66:                   - interceptor    = {
TestTerraformConfluentPlatformExample 2022-07-27T23:37:57Z logger.go:66:                       - configs   = null
TestTerraformConfluentPlatformExample 2022-07-27T23:37:57Z logger.go:66:                       - consumer  = {
TestTerraformConfluentPlatformExample 2022-07-27T23:37:57Z logger.go:66:                           - authentication    = {
TestTerraformConfluentPlatformExample 2022-07-27T23:37:57Z logger.go:66:                               - jaasConfig            = {
TestTerraformConfluentPlatformExample 2022-07-27T23:37:57Z logger.go:66:                                   - secretRef = null
TestTerraformConfluentPlatformExample 2022-07-27T23:37:57Z logger.go:66:                                 }
TestTerraformConfluentPlatformExample 2022-07-27T23:37:57Z logger.go:66:                               - jaasConfigPassThrough = {
TestTerraformConfluentPlatformExample 2022-07-27T23:37:57Z logger.go:66:                                   - directoryPathInContainer = null
TestTerraformConfluentPlatformExample 2022-07-27T23:37:57Z logger.go:66:                                   - secretRef                = null
TestTerraformConfluentPlatformExample 2022-07-27T23:37:57Z logger.go:66:                                 }
TestTerraformConfluentPlatformExample 2022-07-27T23:37:57Z logger.go:66:                               - oauthbearer           = {
TestTerraformConfluentPlatformExample 2022-07-27T23:37:57Z logger.go:66:                                   - directoryPathInContainer = null
TestTerraformConfluentPlatformExample 2022-07-27T23:37:57Z logger.go:66:                                   - secretRef                = null
TestTerraformConfluentPlatformExample 2022-07-27T23:37:57Z logger.go:66:                                 }
TestTerraformConfluentPlatformExample 2022-07-27T23:37:57Z logger.go:66:                               - type                  = null
TestTerraformConfluentPlatformExample 2022-07-27T23:37:57Z logger.go:66:                             }
TestTerraformConfluentPlatformExample 2022-07-27T23:37:57Z logger.go:66:                           - bootstrapEndpoint = null
TestTerraformConfluentPlatformExample 2022-07-27T23:37:57Z logger.go:66:                           - discovery         = {
TestTerraformConfluentPlatformExample 2022-07-27T23:37:57Z logger.go:66:                               - name      = null
TestTerraformConfluentPlatformExample 2022-07-27T23:37:57Z logger.go:66:                               - namespace = null
TestTerraformConfluentPlatformExample 2022-07-27T23:37:57Z logger.go:66:                               - secretRef = null
TestTerraformConfluentPlatformExample 2022-07-27T23:37:57Z logger.go:66:                             }
TestTerraformConfluentPlatformExample 2022-07-27T23:37:57Z logger.go:66:                           - tls               = {
TestTerraformConfluentPlatformExample 2022-07-27T23:37:57Z logger.go:66:                               - directoryPathInContainer = null
TestTerraformConfluentPlatformExample 2022-07-27T23:37:57Z logger.go:66:                               - enabled                  = null
TestTerraformConfluentPlatformExample 2022-07-27T23:37:57Z logger.go:66:                               - ignoreTrustStoreConfig   = null
TestTerraformConfluentPlatformExample 2022-07-27T23:37:57Z logger.go:66:                               - jksPassword              = {
TestTerraformConfluentPlatformExample 2022-07-27T23:37:57Z logger.go:66:                                   - secretRef = null
TestTerraformConfluentPlatformExample 2022-07-27T23:37:57Z logger.go:66:                                 }
TestTerraformConfluentPlatformExample 2022-07-27T23:37:57Z logger.go:66:                               - secretRef                = null
TestTerraformConfluentPlatformExample 2022-07-27T23:37:57Z logger.go:66:                             }
TestTerraformConfluentPlatformExample 2022-07-27T23:37:57Z logger.go:66:                         }
TestTerraformConfluentPlatformExample 2022-07-27T23:37:57Z logger.go:66:                       - enabled   = null
TestTerraformConfluentPlatformExample 2022-07-27T23:37:57Z logger.go:66:                       - producer  = {
TestTerraformConfluentPlatformExample 2022-07-27T23:37:57Z logger.go:66:                           - authentication    = {
TestTerraformConfluentPlatformExample 2022-07-27T23:37:57Z logger.go:66:                               - jaasConfig            = {
TestTerraformConfluentPlatformExample 2022-07-27T23:37:57Z logger.go:66:                                   - secretRef = null
TestTerraformConfluentPlatformExample 2022-07-27T23:37:57Z logger.go:66:                                 }
TestTerraformConfluentPlatformExample 2022-07-27T23:37:57Z logger.go:66:                               - jaasConfigPassThrough = {
TestTerraformConfluentPlatformExample 2022-07-27T23:37:57Z logger.go:66:                                   - directoryPathInContainer = null
TestTerraformConfluentPlatformExample 2022-07-27T23:37:57Z logger.go:66:                                   - secretRef                = null
TestTerraformConfluentPlatformExample 2022-07-27T23:37:57Z logger.go:66:                                 }
TestTerraformConfluentPlatformExample 2022-07-27T23:37:57Z logger.go:66:                               - oauthbearer           = {
TestTerraformConfluentPlatformExample 2022-07-27T23:37:57Z logger.go:66:                                   - directoryPathInContainer = null
TestTerraformConfluentPlatformExample 2022-07-27T23:37:57Z logger.go:66:                                   - secretRef                = null
TestTerraformConfluentPlatformExample 2022-07-27T23:37:57Z logger.go:66:                                 }
TestTerraformConfluentPlatformExample 2022-07-27T23:37:57Z logger.go:66:                               - type                  = null
TestTerraformConfluentPlatformExample 2022-07-27T23:37:57Z logger.go:66:                             }
TestTerraformConfluentPlatformExample 2022-07-27T23:37:57Z logger.go:66:                           - bootstrapEndpoint = null
TestTerraformConfluentPlatformExample 2022-07-27T23:37:57Z logger.go:66:                           - discovery         = {
TestTerraformConfluentPlatformExample 2022-07-27T23:37:57Z logger.go:66:                               - name      = null
TestTerraformConfluentPlatformExample 2022-07-27T23:37:57Z logger.go:66:                               - namespace = null
TestTerraformConfluentPlatformExample 2022-07-27T23:37:57Z logger.go:66:                               - secretRef = null
TestTerraformConfluentPlatformExample 2022-07-27T23:37:57Z logger.go:66:                             }
TestTerraformConfluentPlatformExample 2022-07-27T23:37:57Z logger.go:66:                           - tls               = {
TestTerraformConfluentPlatformExample 2022-07-27T23:37:57Z logger.go:66:                               - directoryPathInContainer = null
TestTerraformConfluentPlatformExample 2022-07-27T23:37:57Z logger.go:66:                               - enabled                  = null
TestTerraformConfluentPlatformExample 2022-07-27T23:37:57Z logger.go:66:                               - ignoreTrustStoreConfig   = null
TestTerraformConfluentPlatformExample 2022-07-27T23:37:57Z logger.go:66:                               - jksPassword              = {
TestTerraformConfluentPlatformExample 2022-07-27T23:37:57Z logger.go:66:                                   - secretRef = null
TestTerraformConfluentPlatformExample 2022-07-27T23:37:57Z logger.go:66:                                 }
TestTerraformConfluentPlatformExample 2022-07-27T23:37:57Z logger.go:66:                               - secretRef                = null
TestTerraformConfluentPlatformExample 2022-07-27T23:37:57Z logger.go:66:                             }
TestTerraformConfluentPlatformExample 2022-07-27T23:37:57Z logger.go:66:                         }
TestTerraformConfluentPlatformExample 2022-07-27T23:37:57Z logger.go:66:                       - publishMs = null
TestTerraformConfluentPlatformExample 2022-07-27T23:37:57Z logger.go:66:                     }
TestTerraformConfluentPlatformExample 2022-07-27T23:37:57Z logger.go:66:                   - kafka          = {
TestTerraformConfluentPlatformExample 2022-07-27T23:37:57Z logger.go:66:                       - authentication    = {
TestTerraformConfluentPlatformExample 2022-07-27T23:37:57Z logger.go:66:                           - jaasConfig            = {
TestTerraformConfluentPlatformExample 2022-07-27T23:37:57Z logger.go:66:                               - secretRef = null
TestTerraformConfluentPlatformExample 2022-07-27T23:37:57Z logger.go:66:                             }
TestTerraformConfluentPlatformExample 2022-07-27T23:37:57Z logger.go:66:                           - jaasConfigPassThrough = {
TestTerraformConfluentPlatformExample 2022-07-27T23:37:57Z logger.go:66:                               - directoryPathInContainer = null
TestTerraformConfluentPlatformExample 2022-07-27T23:37:57Z logger.go:66:                               - secretRef                = null
TestTerraformConfluentPlatformExample 2022-07-27T23:37:57Z logger.go:66:                             }
TestTerraformConfluentPlatformExample 2022-07-27T23:37:57Z logger.go:66:                           - oauthbearer           = {
TestTerraformConfluentPlatformExample 2022-07-27T23:37:57Z logger.go:66:                               - directoryPathInContainer = null
TestTerraformConfluentPlatformExample 2022-07-27T23:37:57Z logger.go:66:                               - secretRef                = null
TestTerraformConfluentPlatformExample 2022-07-27T23:37:57Z logger.go:66:                             }
TestTerraformConfluentPlatformExample 2022-07-27T23:37:57Z logger.go:66:                           - type                  = null
TestTerraformConfluentPlatformExample 2022-07-27T23:37:57Z logger.go:66:                         }
TestTerraformConfluentPlatformExample 2022-07-27T23:37:57Z logger.go:66:                       - bootstrapEndpoint = "kafka:9071"
TestTerraformConfluentPlatformExample 2022-07-27T23:37:57Z logger.go:66:                       - discovery         = {
TestTerraformConfluentPlatformExample 2022-07-27T23:37:57Z logger.go:66:                           - name      = null
TestTerraformConfluentPlatformExample 2022-07-27T23:37:57Z logger.go:66:                           - namespace = null
TestTerraformConfluentPlatformExample 2022-07-27T23:37:57Z logger.go:66:                           - secretRef = null
TestTerraformConfluentPlatformExample 2022-07-27T23:37:57Z logger.go:66:                         }
TestTerraformConfluentPlatformExample 2022-07-27T23:37:57Z logger.go:66:                       - tls               = {
TestTerraformConfluentPlatformExample 2022-07-27T23:37:57Z logger.go:66:                           - directoryPathInContainer = null
TestTerraformConfluentPlatformExample 2022-07-27T23:37:57Z logger.go:66:                           - enabled                  = null
TestTerraformConfluentPlatformExample 2022-07-27T23:37:57Z logger.go:66:                           - ignoreTrustStoreConfig   = null
TestTerraformConfluentPlatformExample 2022-07-27T23:37:57Z logger.go:66:                           - jksPassword              = {
TestTerraformConfluentPlatformExample 2022-07-27T23:37:57Z logger.go:66:                               - secretRef = null
TestTerraformConfluentPlatformExample 2022-07-27T23:37:57Z logger.go:66:                             }
TestTerraformConfluentPlatformExample 2022-07-27T23:37:57Z logger.go:66:                           - secretRef                = null
TestTerraformConfluentPlatformExample 2022-07-27T23:37:57Z logger.go:66:                         }
TestTerraformConfluentPlatformExample 2022-07-27T23:37:57Z logger.go:66:                     }
TestTerraformConfluentPlatformExample 2022-07-27T23:37:57Z logger.go:66:                   - mds            = {
TestTerraformConfluentPlatformExample 2022-07-27T23:37:57Z logger.go:66:                       - authentication = {
TestTerraformConfluentPlatformExample 2022-07-27T23:37:57Z logger.go:66:                           - bearer = {
TestTerraformConfluentPlatformExample 2022-07-27T23:37:57Z logger.go:66:                               - directoryPathInContainer = null
TestTerraformConfluentPlatformExample 2022-07-27T23:37:57Z logger.go:66:                               - secretRef                = null
TestTerraformConfluentPlatformExample 2022-07-27T23:37:57Z logger.go:66:                             }
TestTerraformConfluentPlatformExample 2022-07-27T23:37:57Z logger.go:66:                           - type   = null
TestTerraformConfluentPlatformExample 2022-07-27T23:37:57Z logger.go:66:                         }
TestTerraformConfluentPlatformExample 2022-07-27T23:37:57Z logger.go:66:                       - endpoint       = null
TestTerraformConfluentPlatformExample 2022-07-27T23:37:57Z logger.go:66:                       - tls            = {
TestTerraformConfluentPlatformExample 2022-07-27T23:37:57Z logger.go:66:                           - directoryPathInContainer = null
TestTerraformConfluentPlatformExample 2022-07-27T23:37:57Z logger.go:66:                           - enabled                  = null
TestTerraformConfluentPlatformExample 2022-07-27T23:37:57Z logger.go:66:                           - ignoreTrustStoreConfig   = null
TestTerraformConfluentPlatformExample 2022-07-27T23:37:57Z logger.go:66:                           - jksPassword              = {
TestTerraformConfluentPlatformExample 2022-07-27T23:37:57Z logger.go:66:                               - secretRef = null
TestTerraformConfluentPlatformExample 2022-07-27T23:37:57Z logger.go:66:                             }
TestTerraformConfluentPlatformExample 2022-07-27T23:37:57Z logger.go:66:                           - secretRef                = null
TestTerraformConfluentPlatformExample 2022-07-27T23:37:57Z logger.go:66:                         }
TestTerraformConfluentPlatformExample 2022-07-27T23:37:57Z logger.go:66:                       - tokenKeyPair   = {
TestTerraformConfluentPlatformExample 2022-07-27T23:37:57Z logger.go:66:                           - directoryPathInContainer = null
TestTerraformConfluentPlatformExample 2022-07-27T23:37:57Z logger.go:66:                           - secretRef                = null
TestTerraformConfluentPlatformExample 2022-07-27T23:37:57Z logger.go:66:                         }
TestTerraformConfluentPlatformExample 2022-07-27T23:37:57Z logger.go:66:                     }
TestTerraformConfluentPlatformExample 2022-07-27T23:37:57Z logger.go:66:                   - producer       = {
TestTerraformConfluentPlatformExample 2022-07-27T23:37:57Z logger.go:66:                       - authentication    = {
TestTerraformConfluentPlatformExample 2022-07-27T23:37:57Z logger.go:66:                           - jaasConfig            = {
TestTerraformConfluentPlatformExample 2022-07-27T23:37:57Z logger.go:66:                               - secretRef = null
TestTerraformConfluentPlatformExample 2022-07-27T23:37:57Z logger.go:66:                             }
TestTerraformConfluentPlatformExample 2022-07-27T23:37:57Z logger.go:66:                           - jaasConfigPassThrough = {
TestTerraformConfluentPlatformExample 2022-07-27T23:37:57Z logger.go:66:                               - directoryPathInContainer = null
TestTerraformConfluentPlatformExample 2022-07-27T23:37:57Z logger.go:66:                               - secretRef                = null
TestTerraformConfluentPlatformExample 2022-07-27T23:37:57Z logger.go:66:                             }
TestTerraformConfluentPlatformExample 2022-07-27T23:37:57Z logger.go:66:                           - oauthbearer           = {
TestTerraformConfluentPlatformExample 2022-07-27T23:37:57Z logger.go:66:                               - directoryPathInContainer = null
TestTerraformConfluentPlatformExample 2022-07-27T23:37:57Z logger.go:66:                               - secretRef                = null
TestTerraformConfluentPlatformExample 2022-07-27T23:37:57Z logger.go:66:                             }
TestTerraformConfluentPlatformExample 2022-07-27T23:37:57Z logger.go:66:                           - type                  = null
TestTerraformConfluentPlatformExample 2022-07-27T23:37:57Z logger.go:66:                         }
TestTerraformConfluentPlatformExample 2022-07-27T23:37:57Z logger.go:66:                       - bootstrapEndpoint = null
TestTerraformConfluentPlatformExample 2022-07-27T23:37:57Z logger.go:66:                       - discovery         = {
TestTerraformConfluentPlatformExample 2022-07-27T23:37:57Z logger.go:66:                           - name      = null
TestTerraformConfluentPlatformExample 2022-07-27T23:37:57Z logger.go:66:                           - namespace = null
TestTerraformConfluentPlatformExample 2022-07-27T23:37:57Z logger.go:66:                           - secretRef = null
TestTerraformConfluentPlatformExample 2022-07-27T23:37:57Z logger.go:66:                         }
TestTerraformConfluentPlatformExample 2022-07-27T23:37:57Z logger.go:66:                       - tls               = {
TestTerraformConfluentPlatformExample 2022-07-27T23:37:57Z logger.go:66:                           - directoryPathInContainer = null
TestTerraformConfluentPlatformExample 2022-07-27T23:37:57Z logger.go:66:                           - enabled                  = null
TestTerraformConfluentPlatformExample 2022-07-27T23:37:57Z logger.go:66:                           - ignoreTrustStoreConfig   = null
TestTerraformConfluentPlatformExample 2022-07-27T23:37:57Z logger.go:66:                           - jksPassword              = {
TestTerraformConfluentPlatformExample 2022-07-27T23:37:57Z logger.go:66:                               - secretRef = null
TestTerraformConfluentPlatformExample 2022-07-27T23:37:57Z logger.go:66:                             }
TestTerraformConfluentPlatformExample 2022-07-27T23:37:57Z logger.go:66:                           - secretRef                = null
TestTerraformConfluentPlatformExample 2022-07-27T23:37:57Z logger.go:66:                         }
TestTerraformConfluentPlatformExample 2022-07-27T23:37:57Z logger.go:66:                     }
TestTerraformConfluentPlatformExample 2022-07-27T23:37:57Z logger.go:66:                   - schemaRegistry = {
TestTerraformConfluentPlatformExample 2022-07-27T23:37:57Z logger.go:66:                       - authentication = {
TestTerraformConfluentPlatformExample 2022-07-27T23:37:57Z logger.go:66:                           - basic = {
TestTerraformConfluentPlatformExample 2022-07-27T23:37:57Z logger.go:66:                               - debug                    = null
TestTerraformConfluentPlatformExample 2022-07-27T23:37:57Z logger.go:66:                               - directoryPathInContainer = null
TestTerraformConfluentPlatformExample 2022-07-27T23:37:57Z logger.go:66:                               - restrictedRoles          = null
TestTerraformConfluentPlatformExample 2022-07-27T23:37:57Z logger.go:66:                               - roles                    = null
TestTerraformConfluentPlatformExample 2022-07-27T23:37:57Z logger.go:66:                               - secretRef                = null
TestTerraformConfluentPlatformExample 2022-07-27T23:37:57Z logger.go:66:                             }
TestTerraformConfluentPlatformExample 2022-07-27T23:37:57Z logger.go:66:                           - type  = null
TestTerraformConfluentPlatformExample 2022-07-27T23:37:57Z logger.go:66:                         }
TestTerraformConfluentPlatformExample 2022-07-27T23:37:57Z logger.go:66:                       - tls            = {
TestTerraformConfluentPlatformExample 2022-07-27T23:37:57Z logger.go:66:                           - directoryPathInContainer = null
TestTerraformConfluentPlatformExample 2022-07-27T23:37:57Z logger.go:66:                           - enabled                  = null
TestTerraformConfluentPlatformExample 2022-07-27T23:37:57Z logger.go:66:                           - ignoreTrustStoreConfig   = null
TestTerraformConfluentPlatformExample 2022-07-27T23:37:57Z logger.go:66:                           - jksPassword              = {
TestTerraformConfluentPlatformExample 2022-07-27T23:37:57Z logger.go:66:                               - secretRef = null
TestTerraformConfluentPlatformExample 2022-07-27T23:37:57Z logger.go:66:                             }
TestTerraformConfluentPlatformExample 2022-07-27T23:37:57Z logger.go:66:                           - secretRef                = null
TestTerraformConfluentPlatformExample 2022-07-27T23:37:57Z logger.go:66:                         }
TestTerraformConfluentPlatformExample 2022-07-27T23:37:57Z logger.go:66:                       - url            = null
TestTerraformConfluentPlatformExample 2022-07-27T23:37:57Z logger.go:66:                     }
TestTerraformConfluentPlatformExample 2022-07-27T23:37:57Z logger.go:66:                 }
TestTerraformConfluentPlatformExample 2022-07-27T23:37:57Z logger.go:66:               - enableSchemas                  = null
TestTerraformConfluentPlatformExample 2022-07-27T23:37:57Z logger.go:66:               - externalAccess                 = {
TestTerraformConfluentPlatformExample 2022-07-27T23:37:57Z logger.go:66:                   - loadBalancer = {
TestTerraformConfluentPlatformExample 2022-07-27T23:37:57Z logger.go:66:                       - advertisedURL            = {
TestTerraformConfluentPlatformExample 2022-07-27T23:37:57Z logger.go:66:                           - enabled = null
TestTerraformConfluentPlatformExample 2022-07-27T23:37:57Z logger.go:66:                           - prefix  = null
TestTerraformConfluentPlatformExample 2022-07-27T23:37:57Z logger.go:66:                         }
TestTerraformConfluentPlatformExample 2022-07-27T23:37:57Z logger.go:66:                       - annotations              = null
TestTerraformConfluentPlatformExample 2022-07-27T23:37:57Z logger.go:66:                       - domain                   = null
TestTerraformConfluentPlatformExample 2022-07-27T23:37:57Z logger.go:66:                       - externalTrafficPolicy    = null
TestTerraformConfluentPlatformExample 2022-07-27T23:37:57Z logger.go:66:                       - labels                   = null
TestTerraformConfluentPlatformExample 2022-07-27T23:37:57Z logger.go:66:                       - loadBalancerSourceRanges = null
TestTerraformConfluentPlatformExample 2022-07-27T23:37:57Z logger.go:66:                       - port                     = null
TestTerraformConfluentPlatformExample 2022-07-27T23:37:57Z logger.go:66:                       - prefix                   = null
TestTerraformConfluentPlatformExample 2022-07-27T23:37:57Z logger.go:66:                       - servicePorts             = null
TestTerraformConfluentPlatformExample 2022-07-27T23:37:57Z logger.go:66:                       - sessionAffinity          = null
TestTerraformConfluentPlatformExample 2022-07-27T23:37:57Z logger.go:66:                       - sessionAffinityConfig    = {
TestTerraformConfluentPlatformExample 2022-07-27T23:37:57Z logger.go:66:                           - clientIP = {
TestTerraformConfluentPlatformExample 2022-07-27T23:37:57Z logger.go:66:                               - timeoutSeconds = null
TestTerraformConfluentPlatformExample 2022-07-27T23:37:57Z logger.go:66:                             }
TestTerraformConfluentPlatformExample 2022-07-27T23:37:57Z logger.go:66:                         }
TestTerraformConfluentPlatformExample 2022-07-27T23:37:57Z logger.go:66:                     }
TestTerraformConfluentPlatformExample 2022-07-27T23:37:57Z logger.go:66:                   - nodePort     = {
TestTerraformConfluentPlatformExample 2022-07-27T23:37:57Z logger.go:66:                       - advertisedURL         = {
TestTerraformConfluentPlatformExample 2022-07-27T23:37:57Z logger.go:66:                           - enabled = null
TestTerraformConfluentPlatformExample 2022-07-27T23:37:57Z logger.go:66:                           - prefix  = null
TestTerraformConfluentPlatformExample 2022-07-27T23:37:57Z logger.go:66:                         }
TestTerraformConfluentPlatformExample 2022-07-27T23:37:57Z logger.go:66:                       - annotations           = null
TestTerraformConfluentPlatformExample 2022-07-27T23:37:57Z logger.go:66:                       - externalTrafficPolicy = null
TestTerraformConfluentPlatformExample 2022-07-27T23:37:57Z logger.go:66:                       - host                  = null
TestTerraformConfluentPlatformExample 2022-07-27T23:37:57Z logger.go:66:                       - labels                = null
TestTerraformConfluentPlatformExample 2022-07-27T23:37:57Z logger.go:66:                       - nodePortOffset        = null
TestTerraformConfluentPlatformExample 2022-07-27T23:37:57Z logger.go:66:                       - servicePorts          = null
TestTerraformConfluentPlatformExample 2022-07-27T23:37:57Z logger.go:66:                       - sessionAffinity       = null
TestTerraformConfluentPlatformExample 2022-07-27T23:37:57Z logger.go:66:                       - sessionAffinityConfig = {
TestTerraformConfluentPlatformExample 2022-07-27T23:37:57Z logger.go:66:                           - clientIP = {
TestTerraformConfluentPlatformExample 2022-07-27T23:37:57Z logger.go:66:                               - timeoutSeconds = null
TestTerraformConfluentPlatformExample 2022-07-27T23:37:57Z logger.go:66:                             }
TestTerraformConfluentPlatformExample 2022-07-27T23:37:57Z logger.go:66:                         }
TestTerraformConfluentPlatformExample 2022-07-27T23:37:57Z logger.go:66:                     }
TestTerraformConfluentPlatformExample 2022-07-27T23:37:57Z logger.go:66:                   - route        = {
TestTerraformConfluentPlatformExample 2022-07-27T23:37:57Z logger.go:66:                       - annotations    = null
TestTerraformConfluentPlatformExample 2022-07-27T23:37:57Z logger.go:66:                       - domain         = null
TestTerraformConfluentPlatformExample 2022-07-27T23:37:57Z logger.go:66:                       - labels         = null
TestTerraformConfluentPlatformExample 2022-07-27T23:37:57Z logger.go:66:                       - prefix         = null
TestTerraformConfluentPlatformExample 2022-07-27T23:37:57Z logger.go:66:                       - wildcardPolicy = null
TestTerraformConfluentPlatformExample 2022-07-27T23:37:57Z logger.go:66:                     }
TestTerraformConfluentPlatformExample 2022-07-27T23:37:57Z logger.go:66:                   - type         = null
TestTerraformConfluentPlatformExample 2022-07-27T23:37:57Z logger.go:66:                 }
TestTerraformConfluentPlatformExample 2022-07-27T23:37:57Z logger.go:66:               - headlessService                = {
TestTerraformConfluentPlatformExample 2022-07-27T23:37:57Z logger.go:66:                   - annotations              = null
TestTerraformConfluentPlatformExample 2022-07-27T23:37:57Z logger.go:66:                   - labels                   = null
TestTerraformConfluentPlatformExample 2022-07-27T23:37:57Z logger.go:66:                   - publishNotReadyAddresses = null
TestTerraformConfluentPlatformExample 2022-07-27T23:37:57Z logger.go:66:                 }
TestTerraformConfluentPlatformExample 2022-07-27T23:37:57Z logger.go:66:               - image                          = {
TestTerraformConfluentPlatformExample 2022-07-27T23:37:57Z logger.go:66:                   - application   = "confluentinc/cp-server-connect:7.2.0"
TestTerraformConfluentPlatformExample 2022-07-27T23:37:57Z logger.go:66:                   - init          = "confluentinc/confluent-init-container:2.4.0"
TestTerraformConfluentPlatformExample 2022-07-27T23:37:57Z logger.go:66:                   - pullPolicy    = null
TestTerraformConfluentPlatformExample 2022-07-27T23:37:57Z logger.go:66:                   - pullSecretRef = null
TestTerraformConfluentPlatformExample 2022-07-27T23:37:57Z logger.go:66:                 }
TestTerraformConfluentPlatformExample 2022-07-27T23:37:57Z logger.go:66:               - injectAnnotations              = null
TestTerraformConfluentPlatformExample 2022-07-27T23:37:57Z logger.go:66:               - injectLabels                   = null
TestTerraformConfluentPlatformExample 2022-07-27T23:37:57Z logger.go:66:               - internalTopicReplicationFactor = null
TestTerraformConfluentPlatformExample 2022-07-27T23:37:57Z logger.go:66:               - k8sClusterDomain               = null
TestTerraformConfluentPlatformExample 2022-07-27T23:37:57Z logger.go:66:               - keyConverterType               = null
TestTerraformConfluentPlatformExample 2022-07-27T23:37:57Z logger.go:66:               - license                        = {
TestTerraformConfluentPlatformExample 2022-07-27T23:37:57Z logger.go:66:                   - directoryPathInContainer = null
TestTerraformConfluentPlatformExample 2022-07-27T23:37:57Z logger.go:66:                   - globalLicense            = null
TestTerraformConfluentPlatformExample 2022-07-27T23:37:57Z logger.go:66:                   - secretRef                = null
TestTerraformConfluentPlatformExample 2022-07-27T23:37:57Z logger.go:66:                 }
TestTerraformConfluentPlatformExample 2022-07-27T23:37:57Z logger.go:66:               - metrics                        = {
TestTerraformConfluentPlatformExample 2022-07-27T23:37:57Z logger.go:66:                   - authentication = {
TestTerraformConfluentPlatformExample 2022-07-27T23:37:57Z logger.go:66:                       - type = null
TestTerraformConfluentPlatformExample 2022-07-27T23:37:57Z logger.go:66:                     }
TestTerraformConfluentPlatformExample 2022-07-27T23:37:57Z logger.go:66:                   - prometheus     = {
TestTerraformConfluentPlatformExample 2022-07-27T23:37:57Z logger.go:66:                       - blacklist = null
TestTerraformConfluentPlatformExample 2022-07-27T23:37:57Z logger.go:66:                       - rules     = null
TestTerraformConfluentPlatformExample 2022-07-27T23:37:57Z logger.go:66:                       - whitelist = null
TestTerraformConfluentPlatformExample 2022-07-27T23:37:57Z logger.go:66:                     }
TestTerraformConfluentPlatformExample 2022-07-27T23:37:57Z logger.go:66:                   - tls            = {
TestTerraformConfluentPlatformExample 2022-07-27T23:37:57Z logger.go:66:                       - directoryPathInContainer = null
TestTerraformConfluentPlatformExample 2022-07-27T23:37:57Z logger.go:66:                       - enabled                  = null
TestTerraformConfluentPlatformExample 2022-07-27T23:37:57Z logger.go:66:                       - ignoreTrustStoreConfig   = null
TestTerraformConfluentPlatformExample 2022-07-27T23:37:57Z logger.go:66:                       - jksPassword              = {
TestTerraformConfluentPlatformExample 2022-07-27T23:37:57Z logger.go:66:                           - secretRef = null
TestTerraformConfluentPlatformExample 2022-07-27T23:37:57Z logger.go:66:                         }
TestTerraformConfluentPlatformExample 2022-07-27T23:37:57Z logger.go:66:                       - secretRef                = null
TestTerraformConfluentPlatformExample 2022-07-27T23:37:57Z logger.go:66:                     }
TestTerraformConfluentPlatformExample 2022-07-27T23:37:57Z logger.go:66:                 }
TestTerraformConfluentPlatformExample 2022-07-27T23:37:57Z logger.go:66:               - mountedSecrets                 = null
TestTerraformConfluentPlatformExample 2022-07-27T23:37:57Z logger.go:66:               - mountedVolumes                 = {
TestTerraformConfluentPlatformExample 2022-07-27T23:37:57Z logger.go:66:                   - volumeMounts = null
TestTerraformConfluentPlatformExample 2022-07-27T23:37:57Z logger.go:66:                   - volumes      = null
TestTerraformConfluentPlatformExample 2022-07-27T23:37:57Z logger.go:66:                 }
TestTerraformConfluentPlatformExample 2022-07-27T23:37:57Z logger.go:66:               - oneReplicaPerNode              = null
TestTerraformConfluentPlatformExample 2022-07-27T23:37:57Z logger.go:66:               - podTemplate                    = {
TestTerraformConfluentPlatformExample 2022-07-27T23:37:57Z logger.go:66:                   - affinity                      = {
TestTerraformConfluentPlatformExample 2022-07-27T23:37:57Z logger.go:66:                       - nodeAffinity    = {
TestTerraformConfluentPlatformExample 2022-07-27T23:37:57Z logger.go:66:                           - preferredDuringSchedulingIgnoredDuringExecution = null
TestTerraformConfluentPlatformExample 2022-07-27T23:37:57Z logger.go:66:                           - requiredDuringSchedulingIgnoredDuringExecution  = {
TestTerraformConfluentPlatformExample 2022-07-27T23:37:57Z logger.go:66:                               - nodeSelectorTerms = null
TestTerraformConfluentPlatformExample 2022-07-27T23:37:57Z logger.go:66:                             }
TestTerraformConfluentPlatformExample 2022-07-27T23:37:57Z logger.go:66:                         }
TestTerraformConfluentPlatformExample 2022-07-27T23:37:57Z logger.go:66:                       - podAffinity     = {
TestTerraformConfluentPlatformExample 2022-07-27T23:37:57Z logger.go:66:                           - preferredDuringSchedulingIgnoredDuringExecution = null
TestTerraformConfluentPlatformExample 2022-07-27T23:37:57Z logger.go:66:                           - requiredDuringSchedulingIgnoredDuringExecution  = null
TestTerraformConfluentPlatformExample 2022-07-27T23:37:57Z logger.go:66:                         }
TestTerraformConfluentPlatformExample 2022-07-27T23:37:57Z logger.go:66:                       - podAntiAffinity = {
TestTerraformConfluentPlatformExample 2022-07-27T23:37:57Z logger.go:66:                           - preferredDuringSchedulingIgnoredDuringExecution = null
TestTerraformConfluentPlatformExample 2022-07-27T23:37:57Z logger.go:66:                           - requiredDuringSchedulingIgnoredDuringExecution  = null
TestTerraformConfluentPlatformExample 2022-07-27T23:37:57Z logger.go:66:                         }
TestTerraformConfluentPlatformExample 2022-07-27T23:37:57Z logger.go:66:                     }
TestTerraformConfluentPlatformExample 2022-07-27T23:37:57Z logger.go:66:                   - annotations                   = null
TestTerraformConfluentPlatformExample 2022-07-27T23:37:57Z logger.go:66:                   - envVars                       = null
TestTerraformConfluentPlatformExample 2022-07-27T23:37:57Z logger.go:66:                   - labels                        = null
TestTerraformConfluentPlatformExample 2022-07-27T23:37:57Z logger.go:66:                   - podSecurityContext            = {
TestTerraformConfluentPlatformExample 2022-07-27T23:37:57Z logger.go:66:                       - fsGroup             = null
TestTerraformConfluentPlatformExample 2022-07-27T23:37:57Z logger.go:66:                       - fsGroupChangePolicy = null
TestTerraformConfluentPlatformExample 2022-07-27T23:37:57Z logger.go:66:                       - runAsGroup          = null
TestTerraformConfluentPlatformExample 2022-07-27T23:37:57Z logger.go:66:                       - runAsNonRoot        = null
TestTerraformConfluentPlatformExample 2022-07-27T23:37:57Z logger.go:66:                       - runAsUser           = null
TestTerraformConfluentPlatformExample 2022-07-27T23:37:57Z logger.go:66:                       - seLinuxOptions      = {
TestTerraformConfluentPlatformExample 2022-07-27T23:37:57Z logger.go:66:                           - level = null
TestTerraformConfluentPlatformExample 2022-07-27T23:37:57Z logger.go:66:                           - role  = null
TestTerraformConfluentPlatformExample 2022-07-27T23:37:57Z logger.go:66:                           - type  = null
TestTerraformConfluentPlatformExample 2022-07-27T23:37:57Z logger.go:66:                           - user  = null
TestTerraformConfluentPlatformExample 2022-07-27T23:37:57Z logger.go:66:                         }
TestTerraformConfluentPlatformExample 2022-07-27T23:37:57Z logger.go:66:                       - seccompProfile      = {
TestTerraformConfluentPlatformExample 2022-07-27T23:37:57Z logger.go:66:                           - localhostProfile = null
TestTerraformConfluentPlatformExample 2022-07-27T23:37:57Z logger.go:66:                           - type             = null
TestTerraformConfluentPlatformExample 2022-07-27T23:37:57Z logger.go:66:                         }
TestTerraformConfluentPlatformExample 2022-07-27T23:37:57Z logger.go:66:                       - supplementalGroups  = null
TestTerraformConfluentPlatformExample 2022-07-27T23:37:57Z logger.go:66:                       - sysctls             = null
TestTerraformConfluentPlatformExample 2022-07-27T23:37:57Z logger.go:66:                       - windowsOptions      = {
TestTerraformConfluentPlatformExample 2022-07-27T23:37:57Z logger.go:66:                           - gmsaCredentialSpec     = null
TestTerraformConfluentPlatformExample 2022-07-27T23:37:57Z logger.go:66:                           - gmsaCredentialSpecName = null
TestTerraformConfluentPlatformExample 2022-07-27T23:37:57Z logger.go:66:                           - hostProcess            = null
TestTerraformConfluentPlatformExample 2022-07-27T23:37:57Z logger.go:66:                           - runAsUserName          = null
TestTerraformConfluentPlatformExample 2022-07-27T23:37:57Z logger.go:66:                         }
TestTerraformConfluentPlatformExample 2022-07-27T23:37:57Z logger.go:66:                     }
TestTerraformConfluentPlatformExample 2022-07-27T23:37:57Z logger.go:66:                   - priorityClassName             = null
TestTerraformConfluentPlatformExample 2022-07-27T23:37:57Z logger.go:66:                   - probe                         = {
TestTerraformConfluentPlatformExample 2022-07-27T23:37:57Z logger.go:66:                       - liveness  = {
TestTerraformConfluentPlatformExample 2022-07-27T23:37:57Z logger.go:66:                           - failureThreshold    = null
TestTerraformConfluentPlatformExample 2022-07-27T23:37:57Z logger.go:66:                           - initialDelaySeconds = null
TestTerraformConfluentPlatformExample 2022-07-27T23:37:57Z logger.go:66:                           - periodSeconds       = null
TestTerraformConfluentPlatformExample 2022-07-27T23:37:57Z logger.go:66:                           - successThreshold    = null
TestTerraformConfluentPlatformExample 2022-07-27T23:37:57Z logger.go:66:                           - timeoutSeconds      = null
TestTerraformConfluentPlatformExample 2022-07-27T23:37:57Z logger.go:66:                         }
TestTerraformConfluentPlatformExample 2022-07-27T23:37:57Z logger.go:66:                       - readiness = {
TestTerraformConfluentPlatformExample 2022-07-27T23:37:57Z logger.go:66:                           - failureThreshold    = null
TestTerraformConfluentPlatformExample 2022-07-27T23:37:57Z logger.go:66:                           - initialDelaySeconds = null
TestTerraformConfluentPlatformExample 2022-07-27T23:37:57Z logger.go:66:                           - periodSeconds       = null
TestTerraformConfluentPlatformExample 2022-07-27T23:37:57Z logger.go:66:                           - successThreshold    = null
TestTerraformConfluentPlatformExample 2022-07-27T23:37:57Z logger.go:66:                           - timeoutSeconds      = null
TestTerraformConfluentPlatformExample 2022-07-27T23:37:57Z logger.go:66:                         }
TestTerraformConfluentPlatformExample 2022-07-27T23:37:57Z logger.go:66:                     }
TestTerraformConfluentPlatformExample 2022-07-27T23:37:57Z logger.go:66:                   - resources                     = {
TestTerraformConfluentPlatformExample 2022-07-27T23:37:57Z logger.go:66:                       - limits   = null
TestTerraformConfluentPlatformExample 2022-07-27T23:37:57Z logger.go:66:                       - requests = null
TestTerraformConfluentPlatformExample 2022-07-27T23:37:57Z logger.go:66:                     }
TestTerraformConfluentPlatformExample 2022-07-27T23:37:57Z logger.go:66:                   - securityContext               = {
TestTerraformConfluentPlatformExample 2022-07-27T23:37:57Z logger.go:66:                       - allowPrivilegeEscalation = null
TestTerraformConfluentPlatformExample 2022-07-27T23:37:57Z logger.go:66:                       - capabilities             = {
TestTerraformConfluentPlatformExample 2022-07-27T23:37:57Z logger.go:66:                           - add  = null
TestTerraformConfluentPlatformExample 2022-07-27T23:37:57Z logger.go:66:                           - drop = null
TestTerraformConfluentPlatformExample 2022-07-27T23:37:57Z logger.go:66:                         }
TestTerraformConfluentPlatformExample 2022-07-27T23:37:57Z logger.go:66:                       - privileged               = null
TestTerraformConfluentPlatformExample 2022-07-27T23:37:57Z logger.go:66:                       - procMount                = null
TestTerraformConfluentPlatformExample 2022-07-27T23:37:57Z logger.go:66:                       - readOnlyRootFilesystem   = null
TestTerraformConfluentPlatformExample 2022-07-27T23:37:57Z logger.go:66:                       - runAsGroup               = null
TestTerraformConfluentPlatformExample 2022-07-27T23:37:57Z logger.go:66:                       - runAsNonRoot             = null
TestTerraformConfluentPlatformExample 2022-07-27T23:37:57Z logger.go:66:                       - runAsUser                = null
TestTerraformConfluentPlatformExample 2022-07-27T23:37:57Z logger.go:66:                       - seLinuxOptions           = {
TestTerraformConfluentPlatformExample 2022-07-27T23:37:57Z logger.go:66:                           - level = null
TestTerraformConfluentPlatformExample 2022-07-27T23:37:57Z logger.go:66:                           - role  = null
TestTerraformConfluentPlatformExample 2022-07-27T23:37:57Z logger.go:66:                           - type  = null
TestTerraformConfluentPlatformExample 2022-07-27T23:37:57Z logger.go:66:                           - user  = null
TestTerraformConfluentPlatformExample 2022-07-27T23:37:57Z logger.go:66:                         }
TestTerraformConfluentPlatformExample 2022-07-27T23:37:57Z logger.go:66:                       - seccompProfile           = {
TestTerraformConfluentPlatformExample 2022-07-27T23:37:57Z logger.go:66:                           - localhostProfile = null
TestTerraformConfluentPlatformExample 2022-07-27T23:37:57Z logger.go:66:                           - type             = null
TestTerraformConfluentPlatformExample 2022-07-27T23:37:57Z logger.go:66:                         }
TestTerraformConfluentPlatformExample 2022-07-27T23:37:57Z logger.go:66:                       - windowsOptions           = {
TestTerraformConfluentPlatformExample 2022-07-27T23:37:57Z logger.go:66:                           - gmsaCredentialSpec     = null
TestTerraformConfluentPlatformExample 2022-07-27T23:37:57Z logger.go:66:                           - gmsaCredentialSpecName = null
TestTerraformConfluentPlatformExample 2022-07-27T23:37:57Z logger.go:66:                           - hostProcess            = null
TestTerraformConfluentPlatformExample 2022-07-27T23:37:57Z logger.go:66:                           - runAsUserName          = null
TestTerraformConfluentPlatformExample 2022-07-27T23:37:57Z logger.go:66:                         }
TestTerraformConfluentPlatformExample 2022-07-27T23:37:57Z logger.go:66:                     }
TestTerraformConfluentPlatformExample 2022-07-27T23:37:57Z logger.go:66:                   - serviceAccountName            = null
TestTerraformConfluentPlatformExample 2022-07-27T23:37:57Z logger.go:66:                   - terminationGracePeriodSeconds = null
TestTerraformConfluentPlatformExample 2022-07-27T23:37:57Z logger.go:66:                   - tolerations                   = null
TestTerraformConfluentPlatformExample 2022-07-27T23:37:57Z logger.go:66:                   - topologySpreadConstraints     = null
TestTerraformConfluentPlatformExample 2022-07-27T23:37:57Z logger.go:66:                 }
TestTerraformConfluentPlatformExample 2022-07-27T23:37:57Z logger.go:66:               - replicas                       = 1
TestTerraformConfluentPlatformExample 2022-07-27T23:37:57Z logger.go:66:               - telemetry                      = {
TestTerraformConfluentPlatformExample 2022-07-27T23:37:57Z logger.go:66:                   - global = null
TestTerraformConfluentPlatformExample 2022-07-27T23:37:57Z logger.go:66:                 }
TestTerraformConfluentPlatformExample 2022-07-27T23:37:57Z logger.go:66:               - tls                            = {
TestTerraformConfluentPlatformExample 2022-07-27T23:37:57Z logger.go:66:                   - autoGeneratedCerts       = null
TestTerraformConfluentPlatformExample 2022-07-27T23:37:57Z logger.go:66:                   - directoryPathInContainer = null
TestTerraformConfluentPlatformExample 2022-07-27T23:37:57Z logger.go:66:                   - ignoreTrustStoreConfig   = null
TestTerraformConfluentPlatformExample 2022-07-27T23:37:57Z logger.go:66:                   - jksPassword              = {
TestTerraformConfluentPlatformExample 2022-07-27T23:37:57Z logger.go:66:                       - secretRef = null
TestTerraformConfluentPlatformExample 2022-07-27T23:37:57Z logger.go:66:                     }
TestTerraformConfluentPlatformExample 2022-07-27T23:37:57Z logger.go:66:                   - secretRef                = null
TestTerraformConfluentPlatformExample 2022-07-27T23:37:57Z logger.go:66:                 }
TestTerraformConfluentPlatformExample 2022-07-27T23:37:57Z logger.go:66:               - valueConverterType             = null
TestTerraformConfluentPlatformExample 2022-07-27T23:37:57Z logger.go:66:             }
TestTerraformConfluentPlatformExample 2022-07-27T23:37:57Z logger.go:66:         } -> null
TestTerraformConfluentPlatformExample 2022-07-27T23:37:57Z logger.go:66:
TestTerraformConfluentPlatformExample 2022-07-27T23:37:57Z logger.go:66:       - timeouts {
TestTerraformConfluentPlatformExample 2022-07-27T23:37:57Z logger.go:66:           - create = "1h" -> null
TestTerraformConfluentPlatformExample 2022-07-27T23:37:57Z logger.go:66:           - delete = "5m" -> null
TestTerraformConfluentPlatformExample 2022-07-27T23:37:57Z logger.go:66:           - update = "1h" -> null
TestTerraformConfluentPlatformExample 2022-07-27T23:37:57Z logger.go:66:         }
TestTerraformConfluentPlatformExample 2022-07-27T23:37:57Z logger.go:66:
TestTerraformConfluentPlatformExample 2022-07-27T23:37:57Z logger.go:66:       - wait {
TestTerraformConfluentPlatformExample 2022-07-27T23:37:57Z logger.go:66:           - fields = {
TestTerraformConfluentPlatformExample 2022-07-27T23:37:57Z logger.go:66:               - "status.phase" = "RUNNING"
TestTerraformConfluentPlatformExample 2022-07-27T23:37:57Z logger.go:66:             } -> null
TestTerraformConfluentPlatformExample 2022-07-27T23:37:57Z logger.go:66:         }
TestTerraformConfluentPlatformExample 2022-07-27T23:37:57Z logger.go:66:     }
TestTerraformConfluentPlatformExample 2022-07-27T23:37:57Z logger.go:66:
TestTerraformConfluentPlatformExample 2022-07-27T23:37:57Z logger.go:66:   # module.confluent_platform.kubernetes_manifest.controlcenter[0] will be destroyed
TestTerraformConfluentPlatformExample 2022-07-27T23:37:57Z logger.go:66:   - resource "kubernetes_manifest" "controlcenter" {
TestTerraformConfluentPlatformExample 2022-07-27T23:37:57Z logger.go:66:       - computed_fields = [
TestTerraformConfluentPlatformExample 2022-07-27T23:37:57Z logger.go:66:           - "metadata.finalizers",
TestTerraformConfluentPlatformExample 2022-07-27T23:37:57Z logger.go:66:         ] -> null
TestTerraformConfluentPlatformExample 2022-07-27T23:37:57Z logger.go:66:       - manifest        = {
TestTerraformConfluentPlatformExample 2022-07-27T23:37:57Z logger.go:66:           - apiVersion = "platform.confluent.io/v1beta1"
TestTerraformConfluentPlatformExample 2022-07-27T23:37:57Z logger.go:66:           - kind       = "ControlCenter"
TestTerraformConfluentPlatformExample 2022-07-27T23:37:57Z logger.go:66:           - metadata   = {
TestTerraformConfluentPlatformExample 2022-07-27T23:37:57Z logger.go:66:               - name      = "controlcenter"
TestTerraformConfluentPlatformExample 2022-07-27T23:37:57Z logger.go:66:               - namespace = "confluent"
TestTerraformConfluentPlatformExample 2022-07-27T23:37:57Z logger.go:66:             }
TestTerraformConfluentPlatformExample 2022-07-27T23:37:57Z logger.go:66:           - spec       = {
TestTerraformConfluentPlatformExample 2022-07-27T23:37:57Z logger.go:66:               - dataVolumeCapacity = "10Gi"
TestTerraformConfluentPlatformExample 2022-07-27T23:37:57Z logger.go:66:               - dependencies       = {
TestTerraformConfluentPlatformExample 2022-07-27T23:37:57Z logger.go:66:                   - connect        = [
TestTerraformConfluentPlatformExample 2022-07-27T23:37:57Z logger.go:66:                       - {
TestTerraformConfluentPlatformExample 2022-07-27T23:37:57Z logger.go:66:                           - name = "connect"
TestTerraformConfluentPlatformExample 2022-07-27T23:37:57Z logger.go:66:                           - url  = "http://connect.confluent.svc.cluster.local:8083"
TestTerraformConfluentPlatformExample 2022-07-27T23:37:57Z logger.go:66:                         },
TestTerraformConfluentPlatformExample 2022-07-27T23:37:57Z logger.go:66:                     ]
TestTerraformConfluentPlatformExample 2022-07-27T23:37:57Z logger.go:66:                   - ksqldb         = [
TestTerraformConfluentPlatformExample 2022-07-27T23:37:57Z logger.go:66:                       - {
TestTerraformConfluentPlatformExample 2022-07-27T23:37:57Z logger.go:66:                           - name = "ksqldb"
TestTerraformConfluentPlatformExample 2022-07-27T23:37:57Z logger.go:66:                           - url  = "http://ksqldb.confluent.svc.cluster.local:8088"
TestTerraformConfluentPlatformExample 2022-07-27T23:37:57Z logger.go:66:                         },
TestTerraformConfluentPlatformExample 2022-07-27T23:37:57Z logger.go:66:                     ]
TestTerraformConfluentPlatformExample 2022-07-27T23:37:57Z logger.go:66:                   - schemaRegistry = {
TestTerraformConfluentPlatformExample 2022-07-27T23:37:57Z logger.go:66:                       - url = "http://schemaregistry.confluent.svc.cluster.local:8081"
TestTerraformConfluentPlatformExample 2022-07-27T23:37:57Z logger.go:66:                     }
TestTerraformConfluentPlatformExample 2022-07-27T23:37:57Z logger.go:66:                 }
TestTerraformConfluentPlatformExample 2022-07-27T23:37:57Z logger.go:66:               - image              = {
TestTerraformConfluentPlatformExample 2022-07-27T23:37:57Z logger.go:66:                   - application = "confluentinc/cp-enterprise-control-center:7.2.0"
TestTerraformConfluentPlatformExample 2022-07-27T23:37:57Z logger.go:66:                   - init        = "confluentinc/confluent-init-container:2.4.0"
TestTerraformConfluentPlatformExample 2022-07-27T23:37:57Z logger.go:66:                 }
TestTerraformConfluentPlatformExample 2022-07-27T23:37:57Z logger.go:66:               - replicas           = 1
TestTerraformConfluentPlatformExample 2022-07-27T23:37:57Z logger.go:66:             }
TestTerraformConfluentPlatformExample 2022-07-27T23:37:57Z logger.go:66:         } -> null
TestTerraformConfluentPlatformExample 2022-07-27T23:37:57Z logger.go:66:       - object          = {
TestTerraformConfluentPlatformExample 2022-07-27T23:37:57Z logger.go:66:           - apiVersion = "platform.confluent.io/v1beta1"
TestTerraformConfluentPlatformExample 2022-07-27T23:37:57Z logger.go:66:           - kind       = "ControlCenter"
TestTerraformConfluentPlatformExample 2022-07-27T23:37:57Z logger.go:66:           - metadata   = {
TestTerraformConfluentPlatformExample 2022-07-27T23:37:57Z logger.go:66:               - annotations                = null
TestTerraformConfluentPlatformExample 2022-07-27T23:37:57Z logger.go:66:               - clusterName                = null
TestTerraformConfluentPlatformExample 2022-07-27T23:37:57Z logger.go:66:               - creationTimestamp          = null
TestTerraformConfluentPlatformExample 2022-07-27T23:37:57Z logger.go:66:               - deletionGracePeriodSeconds = null
TestTerraformConfluentPlatformExample 2022-07-27T23:37:57Z logger.go:66:               - deletionTimestamp          = null
TestTerraformConfluentPlatformExample 2022-07-27T23:37:57Z logger.go:66:               - finalizers                 = [
TestTerraformConfluentPlatformExample 2022-07-27T23:37:57Z logger.go:66:                   - "controlcenter.finalizers.platform.confluent.io",
TestTerraformConfluentPlatformExample 2022-07-27T23:37:57Z logger.go:66:                 ]
TestTerraformConfluentPlatformExample 2022-07-27T23:37:57Z logger.go:66:               - generateName               = null
TestTerraformConfluentPlatformExample 2022-07-27T23:37:57Z logger.go:66:               - generation                 = null
TestTerraformConfluentPlatformExample 2022-07-27T23:37:57Z logger.go:66:               - labels                     = null
TestTerraformConfluentPlatformExample 2022-07-27T23:37:57Z logger.go:66:               - managedFields              = null
TestTerraformConfluentPlatformExample 2022-07-27T23:37:57Z logger.go:66:               - name                       = "controlcenter"
TestTerraformConfluentPlatformExample 2022-07-27T23:37:57Z logger.go:66:               - namespace                  = "confluent"
TestTerraformConfluentPlatformExample 2022-07-27T23:37:57Z logger.go:66:               - ownerReferences            = null
TestTerraformConfluentPlatformExample 2022-07-27T23:37:57Z logger.go:66:               - resourceVersion            = null
TestTerraformConfluentPlatformExample 2022-07-27T23:37:57Z logger.go:66:               - selfLink                   = null
TestTerraformConfluentPlatformExample 2022-07-27T23:37:57Z logger.go:66:               - uid                        = null
TestTerraformConfluentPlatformExample 2022-07-27T23:37:57Z logger.go:66:             }
TestTerraformConfluentPlatformExample 2022-07-27T23:37:57Z logger.go:66:           - spec       = {
TestTerraformConfluentPlatformExample 2022-07-27T23:37:57Z logger.go:66:               - authentication                = {
TestTerraformConfluentPlatformExample 2022-07-27T23:37:57Z logger.go:66:                   - basic = {
TestTerraformConfluentPlatformExample 2022-07-27T23:37:57Z logger.go:66:                       - debug                    = null
TestTerraformConfluentPlatformExample 2022-07-27T23:37:57Z logger.go:66:                       - directoryPathInContainer = null
TestTerraformConfluentPlatformExample 2022-07-27T23:37:57Z logger.go:66:                       - restrictedRoles          = null
TestTerraformConfluentPlatformExample 2022-07-27T23:37:57Z logger.go:66:                       - roles                    = null
TestTerraformConfluentPlatformExample 2022-07-27T23:37:57Z logger.go:66:                       - secretRef                = null
TestTerraformConfluentPlatformExample 2022-07-27T23:37:57Z logger.go:66:                     }
TestTerraformConfluentPlatformExample 2022-07-27T23:37:57Z logger.go:66:                   - ldap  = {
TestTerraformConfluentPlatformExample 2022-07-27T23:37:57Z logger.go:66:                       - debug           = null
TestTerraformConfluentPlatformExample 2022-07-27T23:37:57Z logger.go:66:                       - property        = null
TestTerraformConfluentPlatformExample 2022-07-27T23:37:57Z logger.go:66:                       - restrictedRoles = null
TestTerraformConfluentPlatformExample 2022-07-27T23:37:57Z logger.go:66:                       - roles           = null
TestTerraformConfluentPlatformExample 2022-07-27T23:37:57Z logger.go:66:                       - secretRef       = null
TestTerraformConfluentPlatformExample 2022-07-27T23:37:57Z logger.go:66:                     }
TestTerraformConfluentPlatformExample 2022-07-27T23:37:57Z logger.go:66:                   - type  = null
TestTerraformConfluentPlatformExample 2022-07-27T23:37:57Z logger.go:66:                 }
TestTerraformConfluentPlatformExample 2022-07-27T23:37:57Z logger.go:66:               - authorization                 = {
TestTerraformConfluentPlatformExample 2022-07-27T23:37:57Z logger.go:66:                   - kafkaRestClassRef = {
TestTerraformConfluentPlatformExample 2022-07-27T23:37:57Z logger.go:66:                       - name      = null
TestTerraformConfluentPlatformExample 2022-07-27T23:37:57Z logger.go:66:                       - namespace = null
TestTerraformConfluentPlatformExample 2022-07-27T23:37:57Z logger.go:66:                     }
TestTerraformConfluentPlatformExample 2022-07-27T23:37:57Z logger.go:66:                   - type              = null
TestTerraformConfluentPlatformExample 2022-07-27T23:37:57Z logger.go:66:                 }
TestTerraformConfluentPlatformExample 2022-07-27T23:37:57Z logger.go:66:               - configOverrides               = {
TestTerraformConfluentPlatformExample 2022-07-27T23:37:57Z logger.go:66:                   - jvm    = null
TestTerraformConfluentPlatformExample 2022-07-27T23:37:57Z logger.go:66:                   - log4j  = null
TestTerraformConfluentPlatformExample 2022-07-27T23:37:57Z logger.go:66:                   - server = null
TestTerraformConfluentPlatformExample 2022-07-27T23:37:57Z logger.go:66:                 }
TestTerraformConfluentPlatformExample 2022-07-27T23:37:57Z logger.go:66:               - dataVolumeCapacity            = "10Gi"
TestTerraformConfluentPlatformExample 2022-07-27T23:37:57Z logger.go:66:               - dependencies                  = {
TestTerraformConfluentPlatformExample 2022-07-27T23:37:57Z logger.go:66:                   - connect        = [
TestTerraformConfluentPlatformExample 2022-07-27T23:37:57Z logger.go:66:                       - {
TestTerraformConfluentPlatformExample 2022-07-27T23:37:57Z logger.go:66:                           - authentication = {
TestTerraformConfluentPlatformExample 2022-07-27T23:37:57Z logger.go:66:                               - basic = {
TestTerraformConfluentPlatformExample 2022-07-27T23:37:57Z logger.go:66:                                   - debug                    = null
TestTerraformConfluentPlatformExample 2022-07-27T23:37:57Z logger.go:66:                                   - directoryPathInContainer = null
TestTerraformConfluentPlatformExample 2022-07-27T23:37:57Z logger.go:66:                                   - restrictedRoles          = null
TestTerraformConfluentPlatformExample 2022-07-27T23:37:57Z logger.go:66:                                   - roles                    = null
TestTerraformConfluentPlatformExample 2022-07-27T23:37:57Z logger.go:66:                                   - secretRef                = null
TestTerraformConfluentPlatformExample 2022-07-27T23:37:57Z logger.go:66:                                 }
TestTerraformConfluentPlatformExample 2022-07-27T23:37:57Z logger.go:66:                               - type  = null
TestTerraformConfluentPlatformExample 2022-07-27T23:37:57Z logger.go:66:                             }
TestTerraformConfluentPlatformExample 2022-07-27T23:37:57Z logger.go:66:                           - name           = "connect"
TestTerraformConfluentPlatformExample 2022-07-27T23:37:57Z logger.go:66:                           - tls            = {
TestTerraformConfluentPlatformExample 2022-07-27T23:37:57Z logger.go:66:                               - directoryPathInContainer = null
TestTerraformConfluentPlatformExample 2022-07-27T23:37:57Z logger.go:66:                               - enabled                  = null
TestTerraformConfluentPlatformExample 2022-07-27T23:37:57Z logger.go:66:                               - ignoreTrustStoreConfig   = null
TestTerraformConfluentPlatformExample 2022-07-27T23:37:57Z logger.go:66:                               - jksPassword              = {
TestTerraformConfluentPlatformExample 2022-07-27T23:37:57Z logger.go:66:                                   - secretRef = null
TestTerraformConfluentPlatformExample 2022-07-27T23:37:57Z logger.go:66:                                 }
TestTerraformConfluentPlatformExample 2022-07-27T23:37:57Z logger.go:66:                               - secretRef                = null
TestTerraformConfluentPlatformExample 2022-07-27T23:37:57Z logger.go:66:                             }
TestTerraformConfluentPlatformExample 2022-07-27T23:37:57Z logger.go:66:                           - url            = "http://connect.confluent.svc.cluster.local:8083"
TestTerraformConfluentPlatformExample 2022-07-27T23:37:57Z logger.go:66:                         },
TestTerraformConfluentPlatformExample 2022-07-27T23:37:57Z logger.go:66:                     ]
TestTerraformConfluentPlatformExample 2022-07-27T23:37:57Z logger.go:66:                   - kafka          = {
TestTerraformConfluentPlatformExample 2022-07-27T23:37:57Z logger.go:66:                       - authentication    = {
TestTerraformConfluentPlatformExample 2022-07-27T23:37:57Z logger.go:66:                           - jaasConfig            = {
TestTerraformConfluentPlatformExample 2022-07-27T23:37:57Z logger.go:66:                               - secretRef = null
TestTerraformConfluentPlatformExample 2022-07-27T23:37:57Z logger.go:66:                             }
TestTerraformConfluentPlatformExample 2022-07-27T23:37:57Z logger.go:66:                           - jaasConfigPassThrough = {
TestTerraformConfluentPlatformExample 2022-07-27T23:37:57Z logger.go:66:                               - directoryPathInContainer = null
TestTerraformConfluentPlatformExample 2022-07-27T23:37:57Z logger.go:66:                               - secretRef                = null
TestTerraformConfluentPlatformExample 2022-07-27T23:37:57Z logger.go:66:                             }
TestTerraformConfluentPlatformExample 2022-07-27T23:37:57Z logger.go:66:                           - oauthbearer           = {
TestTerraformConfluentPlatformExample 2022-07-27T23:37:57Z logger.go:66:                               - directoryPathInContainer = null
TestTerraformConfluentPlatformExample 2022-07-27T23:37:57Z logger.go:66:                               - secretRef                = null
TestTerraformConfluentPlatformExample 2022-07-27T23:37:57Z logger.go:66:                             }
TestTerraformConfluentPlatformExample 2022-07-27T23:37:57Z logger.go:66:                           - type                  = null
TestTerraformConfluentPlatformExample 2022-07-27T23:37:57Z logger.go:66:                         }
TestTerraformConfluentPlatformExample 2022-07-27T23:37:57Z logger.go:66:                       - bootstrapEndpoint = null
TestTerraformConfluentPlatformExample 2022-07-27T23:37:57Z logger.go:66:                       - discovery         = {
TestTerraformConfluentPlatformExample 2022-07-27T23:37:57Z logger.go:66:                           - name      = null
TestTerraformConfluentPlatformExample 2022-07-27T23:37:57Z logger.go:66:                           - namespace = null
TestTerraformConfluentPlatformExample 2022-07-27T23:37:57Z logger.go:66:                           - secretRef = null
TestTerraformConfluentPlatformExample 2022-07-27T23:37:57Z logger.go:66:                         }
TestTerraformConfluentPlatformExample 2022-07-27T23:37:57Z logger.go:66:                       - tls               = {
TestTerraformConfluentPlatformExample 2022-07-27T23:37:57Z logger.go:66:                           - directoryPathInContainer = null
TestTerraformConfluentPlatformExample 2022-07-27T23:37:57Z logger.go:66:                           - enabled                  = null
TestTerraformConfluentPlatformExample 2022-07-27T23:37:57Z logger.go:66:                           - ignoreTrustStoreConfig   = null
TestTerraformConfluentPlatformExample 2022-07-27T23:37:57Z logger.go:66:                           - jksPassword              = {
TestTerraformConfluentPlatformExample 2022-07-27T23:37:57Z logger.go:66:                               - secretRef = null
TestTerraformConfluentPlatformExample 2022-07-27T23:37:57Z logger.go:66:                             }
TestTerraformConfluentPlatformExample 2022-07-27T23:37:57Z logger.go:66:                           - secretRef                = null
TestTerraformConfluentPlatformExample 2022-07-27T23:37:57Z logger.go:66:                         }
TestTerraformConfluentPlatformExample 2022-07-27T23:37:57Z logger.go:66:                     }
TestTerraformConfluentPlatformExample 2022-07-27T23:37:57Z logger.go:66:                   - ksqldb         = [
TestTerraformConfluentPlatformExample 2022-07-27T23:37:57Z logger.go:66:                       - {
TestTerraformConfluentPlatformExample 2022-07-27T23:37:57Z logger.go:66:                           - advertisedUrl  = null
TestTerraformConfluentPlatformExample 2022-07-27T23:37:57Z logger.go:66:                           - authentication = {
TestTerraformConfluentPlatformExample 2022-07-27T23:37:57Z logger.go:66:                               - basic = {
TestTerraformConfluentPlatformExample 2022-07-27T23:37:57Z logger.go:66:                                   - debug                    = null
TestTerraformConfluentPlatformExample 2022-07-27T23:37:57Z logger.go:66:                                   - directoryPathInContainer = null
TestTerraformConfluentPlatformExample 2022-07-27T23:37:57Z logger.go:66:                                   - restrictedRoles          = null
TestTerraformConfluentPlatformExample 2022-07-27T23:37:57Z logger.go:66:                                   - roles                    = null
TestTerraformConfluentPlatformExample 2022-07-27T23:37:57Z logger.go:66:                                   - secretRef                = null
TestTerraformConfluentPlatformExample 2022-07-27T23:37:57Z logger.go:66:                                 }
TestTerraformConfluentPlatformExample 2022-07-27T23:37:57Z logger.go:66:                               - type  = null
TestTerraformConfluentPlatformExample 2022-07-27T23:37:57Z logger.go:66:                             }
TestTerraformConfluentPlatformExample 2022-07-27T23:37:57Z logger.go:66:                           - name           = "ksqldb"
TestTerraformConfluentPlatformExample 2022-07-27T23:37:57Z logger.go:66:                           - tls            = {
TestTerraformConfluentPlatformExample 2022-07-27T23:37:57Z logger.go:66:                               - directoryPathInContainer = null
TestTerraformConfluentPlatformExample 2022-07-27T23:37:57Z logger.go:66:                               - enabled                  = null
TestTerraformConfluentPlatformExample 2022-07-27T23:37:57Z logger.go:66:                               - ignoreTrustStoreConfig   = null
TestTerraformConfluentPlatformExample 2022-07-27T23:37:57Z logger.go:66:                               - jksPassword              = {
TestTerraformConfluentPlatformExample 2022-07-27T23:37:57Z logger.go:66:                                   - secretRef = null
TestTerraformConfluentPlatformExample 2022-07-27T23:37:57Z logger.go:66:                                 }
TestTerraformConfluentPlatformExample 2022-07-27T23:37:57Z logger.go:66:                               - secretRef                = null
TestTerraformConfluentPlatformExample 2022-07-27T23:37:57Z logger.go:66:                             }
TestTerraformConfluentPlatformExample 2022-07-27T23:37:57Z logger.go:66:                           - url            = "http://ksqldb.confluent.svc.cluster.local:8088"
TestTerraformConfluentPlatformExample 2022-07-27T23:37:57Z logger.go:66:                         },
TestTerraformConfluentPlatformExample 2022-07-27T23:37:57Z logger.go:66:                     ]
TestTerraformConfluentPlatformExample 2022-07-27T23:37:57Z logger.go:66:                   - mds            = {
TestTerraformConfluentPlatformExample 2022-07-27T23:37:57Z logger.go:66:                       - authentication = {
TestTerraformConfluentPlatformExample 2022-07-27T23:37:57Z logger.go:66:                           - bearer = {
TestTerraformConfluentPlatformExample 2022-07-27T23:37:57Z logger.go:66:                               - directoryPathInContainer = null
TestTerraformConfluentPlatformExample 2022-07-27T23:37:57Z logger.go:66:                               - secretRef                = null
TestTerraformConfluentPlatformExample 2022-07-27T23:37:57Z logger.go:66:                             }
TestTerraformConfluentPlatformExample 2022-07-27T23:37:57Z logger.go:66:                           - type   = null
TestTerraformConfluentPlatformExample 2022-07-27T23:37:57Z logger.go:66:                         }
TestTerraformConfluentPlatformExample 2022-07-27T23:37:57Z logger.go:66:                       - endpoint       = null
TestTerraformConfluentPlatformExample 2022-07-27T23:37:57Z logger.go:66:                       - tls            = {
TestTerraformConfluentPlatformExample 2022-07-27T23:37:57Z logger.go:66:                           - directoryPathInContainer = null
TestTerraformConfluentPlatformExample 2022-07-27T23:37:57Z logger.go:66:                           - enabled                  = null
TestTerraformConfluentPlatformExample 2022-07-27T23:37:57Z logger.go:66:                           - ignoreTrustStoreConfig   = null
TestTerraformConfluentPlatformExample 2022-07-27T23:37:57Z logger.go:66:                           - jksPassword              = {
TestTerraformConfluentPlatformExample 2022-07-27T23:37:57Z logger.go:66:                               - secretRef = null
TestTerraformConfluentPlatformExample 2022-07-27T23:37:57Z logger.go:66:                             }
TestTerraformConfluentPlatformExample 2022-07-27T23:37:57Z logger.go:66:                           - secretRef                = null
TestTerraformConfluentPlatformExample 2022-07-27T23:37:57Z logger.go:66:                         }
TestTerraformConfluentPlatformExample 2022-07-27T23:37:57Z logger.go:66:                       - tokenKeyPair   = {
TestTerraformConfluentPlatformExample 2022-07-27T23:37:57Z logger.go:66:                           - directoryPathInContainer = null
TestTerraformConfluentPlatformExample 2022-07-27T23:37:57Z logger.go:66:                           - secretRef                = null
TestTerraformConfluentPlatformExample 2022-07-27T23:37:57Z logger.go:66:                         }
TestTerraformConfluentPlatformExample 2022-07-27T23:37:57Z logger.go:66:                     }
TestTerraformConfluentPlatformExample 2022-07-27T23:37:57Z logger.go:66:                   - schemaRegistry = {
TestTerraformConfluentPlatformExample 2022-07-27T23:37:57Z logger.go:66:                       - authentication = {
TestTerraformConfluentPlatformExample 2022-07-27T23:37:57Z logger.go:66:                           - basic = {
TestTerraformConfluentPlatformExample 2022-07-27T23:37:57Z logger.go:66:                               - debug                    = null
TestTerraformConfluentPlatformExample 2022-07-27T23:37:57Z logger.go:66:                               - directoryPathInContainer = null
TestTerraformConfluentPlatformExample 2022-07-27T23:37:57Z logger.go:66:                               - restrictedRoles          = null
TestTerraformConfluentPlatformExample 2022-07-27T23:37:57Z logger.go:66:                               - roles                    = null
TestTerraformConfluentPlatformExample 2022-07-27T23:37:57Z logger.go:66:                               - secretRef                = null
TestTerraformConfluentPlatformExample 2022-07-27T23:37:57Z logger.go:66:                             }
TestTerraformConfluentPlatformExample 2022-07-27T23:37:57Z logger.go:66:                           - type  = null
TestTerraformConfluentPlatformExample 2022-07-27T23:37:57Z logger.go:66:                         }
TestTerraformConfluentPlatformExample 2022-07-27T23:37:57Z logger.go:66:                       - clusters       = null
TestTerraformConfluentPlatformExample 2022-07-27T23:37:57Z logger.go:66:                       - tls            = {
TestTerraformConfluentPlatformExample 2022-07-27T23:37:57Z logger.go:66:                           - directoryPathInContainer = null
TestTerraformConfluentPlatformExample 2022-07-27T23:37:57Z logger.go:66:                           - enabled                  = null
TestTerraformConfluentPlatformExample 2022-07-27T23:37:57Z logger.go:66:                           - ignoreTrustStoreConfig   = null
TestTerraformConfluentPlatformExample 2022-07-27T23:37:57Z logger.go:66:                           - jksPassword              = {
TestTerraformConfluentPlatformExample 2022-07-27T23:37:57Z logger.go:66:                               - secretRef = null
TestTerraformConfluentPlatformExample 2022-07-27T23:37:57Z logger.go:66:                             }
TestTerraformConfluentPlatformExample 2022-07-27T23:37:57Z logger.go:66:                           - secretRef                = null
TestTerraformConfluentPlatformExample 2022-07-27T23:37:57Z logger.go:66:                         }
TestTerraformConfluentPlatformExample 2022-07-27T23:37:57Z logger.go:66:                       - url            = "http://schemaregistry.confluent.svc.cluster.local:8081"
TestTerraformConfluentPlatformExample 2022-07-27T23:37:57Z logger.go:66:                     }
TestTerraformConfluentPlatformExample 2022-07-27T23:37:57Z logger.go:66:                 }
TestTerraformConfluentPlatformExample 2022-07-27T23:37:57Z logger.go:66:               - externalAccess                = {
TestTerraformConfluentPlatformExample 2022-07-27T23:37:57Z logger.go:66:                   - loadBalancer = {
TestTerraformConfluentPlatformExample 2022-07-27T23:37:57Z logger.go:66:                       - advertisedURL            = {
TestTerraformConfluentPlatformExample 2022-07-27T23:37:57Z logger.go:66:                           - enabled = null
TestTerraformConfluentPlatformExample 2022-07-27T23:37:57Z logger.go:66:                           - prefix  = null
TestTerraformConfluentPlatformExample 2022-07-27T23:37:57Z logger.go:66:                         }
TestTerraformConfluentPlatformExample 2022-07-27T23:37:57Z logger.go:66:                       - annotations              = null
TestTerraformConfluentPlatformExample 2022-07-27T23:37:57Z logger.go:66:                       - domain                   = null
TestTerraformConfluentPlatformExample 2022-07-27T23:37:57Z logger.go:66:                       - externalTrafficPolicy    = null
TestTerraformConfluentPlatformExample 2022-07-27T23:37:57Z logger.go:66:                       - labels                   = null
TestTerraformConfluentPlatformExample 2022-07-27T23:37:57Z logger.go:66:                       - loadBalancerSourceRanges = null
TestTerraformConfluentPlatformExample 2022-07-27T23:37:57Z logger.go:66:                       - port                     = null
TestTerraformConfluentPlatformExample 2022-07-27T23:37:57Z logger.go:66:                       - prefix                   = null
TestTerraformConfluentPlatformExample 2022-07-27T23:37:57Z logger.go:66:                       - servicePorts             = null
TestTerraformConfluentPlatformExample 2022-07-27T23:37:57Z logger.go:66:                       - sessionAffinity          = null
TestTerraformConfluentPlatformExample 2022-07-27T23:37:57Z logger.go:66:                       - sessionAffinityConfig    = {
TestTerraformConfluentPlatformExample 2022-07-27T23:37:57Z logger.go:66:                           - clientIP = {
TestTerraformConfluentPlatformExample 2022-07-27T23:37:57Z logger.go:66:                               - timeoutSeconds = null
TestTerraformConfluentPlatformExample 2022-07-27T23:37:57Z logger.go:66:                             }
TestTerraformConfluentPlatformExample 2022-07-27T23:37:57Z logger.go:66:                         }
TestTerraformConfluentPlatformExample 2022-07-27T23:37:57Z logger.go:66:                     }
TestTerraformConfluentPlatformExample 2022-07-27T23:37:57Z logger.go:66:                   - nodePort     = {
TestTerraformConfluentPlatformExample 2022-07-27T23:37:57Z logger.go:66:                       - advertisedURL         = {
TestTerraformConfluentPlatformExample 2022-07-27T23:37:57Z logger.go:66:                           - enabled = null
TestTerraformConfluentPlatformExample 2022-07-27T23:37:57Z logger.go:66:                           - prefix  = null
TestTerraformConfluentPlatformExample 2022-07-27T23:37:57Z logger.go:66:                         }
TestTerraformConfluentPlatformExample 2022-07-27T23:37:57Z logger.go:66:                       - annotations           = null
TestTerraformConfluentPlatformExample 2022-07-27T23:37:57Z logger.go:66:                       - externalTrafficPolicy = null
TestTerraformConfluentPlatformExample 2022-07-27T23:37:57Z logger.go:66:                       - host                  = null
TestTerraformConfluentPlatformExample 2022-07-27T23:37:57Z logger.go:66:                       - labels                = null
TestTerraformConfluentPlatformExample 2022-07-27T23:37:57Z logger.go:66:                       - nodePortOffset        = null
TestTerraformConfluentPlatformExample 2022-07-27T23:37:57Z logger.go:66:                       - servicePorts          = null
TestTerraformConfluentPlatformExample 2022-07-27T23:37:57Z logger.go:66:                       - sessionAffinity       = null
TestTerraformConfluentPlatformExample 2022-07-27T23:37:57Z logger.go:66:                       - sessionAffinityConfig = {
TestTerraformConfluentPlatformExample 2022-07-27T23:37:57Z logger.go:66:                           - clientIP = {
TestTerraformConfluentPlatformExample 2022-07-27T23:37:57Z logger.go:66:                               - timeoutSeconds = null
TestTerraformConfluentPlatformExample 2022-07-27T23:37:57Z logger.go:66:                             }
TestTerraformConfluentPlatformExample 2022-07-27T23:37:57Z logger.go:66:                         }
TestTerraformConfluentPlatformExample 2022-07-27T23:37:57Z logger.go:66:                     }
TestTerraformConfluentPlatformExample 2022-07-27T23:37:57Z logger.go:66:                   - route        = {
TestTerraformConfluentPlatformExample 2022-07-27T23:37:57Z logger.go:66:                       - annotations    = null
TestTerraformConfluentPlatformExample 2022-07-27T23:37:57Z logger.go:66:                       - domain         = null
TestTerraformConfluentPlatformExample 2022-07-27T23:37:57Z logger.go:66:                       - labels         = null
TestTerraformConfluentPlatformExample 2022-07-27T23:37:57Z logger.go:66:                       - prefix         = null
TestTerraformConfluentPlatformExample 2022-07-27T23:37:57Z logger.go:66:                       - wildcardPolicy = null
TestTerraformConfluentPlatformExample 2022-07-27T23:37:57Z logger.go:66:                     }
TestTerraformConfluentPlatformExample 2022-07-27T23:37:57Z logger.go:66:                   - type         = null
TestTerraformConfluentPlatformExample 2022-07-27T23:37:57Z logger.go:66:                 }
TestTerraformConfluentPlatformExample 2022-07-27T23:37:57Z logger.go:66:               - headlessService               = {
TestTerraformConfluentPlatformExample 2022-07-27T23:37:57Z logger.go:66:                   - annotations              = null
TestTerraformConfluentPlatformExample 2022-07-27T23:37:57Z logger.go:66:                   - labels                   = null
TestTerraformConfluentPlatformExample 2022-07-27T23:37:57Z logger.go:66:                   - publishNotReadyAddresses = null
TestTerraformConfluentPlatformExample 2022-07-27T23:37:57Z logger.go:66:                 }
TestTerraformConfluentPlatformExample 2022-07-27T23:37:57Z logger.go:66:               - id                            = null
TestTerraformConfluentPlatformExample 2022-07-27T23:37:57Z logger.go:66:               - image                         = {
TestTerraformConfluentPlatformExample 2022-07-27T23:37:57Z logger.go:66:                   - application   = "confluentinc/cp-enterprise-control-center:7.2.0"
TestTerraformConfluentPlatformExample 2022-07-27T23:37:57Z logger.go:66:                   - init          = "confluentinc/confluent-init-container:2.4.0"
TestTerraformConfluentPlatformExample 2022-07-27T23:37:57Z logger.go:66:                   - pullPolicy    = null
TestTerraformConfluentPlatformExample 2022-07-27T23:37:57Z logger.go:66:                   - pullSecretRef = null
TestTerraformConfluentPlatformExample 2022-07-27T23:37:57Z logger.go:66:                 }
TestTerraformConfluentPlatformExample 2022-07-27T23:37:57Z logger.go:66:               - injectAnnotations             = null
TestTerraformConfluentPlatformExample 2022-07-27T23:37:57Z logger.go:66:               - injectLabels                  = null
TestTerraformConfluentPlatformExample 2022-07-27T23:37:57Z logger.go:66:               - internalTopicReplicatorFactor = null
TestTerraformConfluentPlatformExample 2022-07-27T23:37:57Z logger.go:66:               - k8sClusterDomain              = null
TestTerraformConfluentPlatformExample 2022-07-27T23:37:57Z logger.go:66:               - license                       = {
TestTerraformConfluentPlatformExample 2022-07-27T23:37:57Z logger.go:66:                   - directoryPathInContainer = null
TestTerraformConfluentPlatformExample 2022-07-27T23:37:57Z logger.go:66:                   - globalLicense            = null
TestTerraformConfluentPlatformExample 2022-07-27T23:37:57Z logger.go:66:                   - secretRef                = null
TestTerraformConfluentPlatformExample 2022-07-27T23:37:57Z logger.go:66:                 }
TestTerraformConfluentPlatformExample 2022-07-27T23:37:57Z logger.go:66:               - mail                          = {
TestTerraformConfluentPlatformExample 2022-07-27T23:37:57Z logger.go:66:                   - authentication      = {
TestTerraformConfluentPlatformExample 2022-07-27T23:37:57Z logger.go:66:                       - basic = {
TestTerraformConfluentPlatformExample 2022-07-27T23:37:57Z logger.go:66:                           - debug                    = null
TestTerraformConfluentPlatformExample 2022-07-27T23:37:57Z logger.go:66:                           - directoryPathInContainer = null
TestTerraformConfluentPlatformExample 2022-07-27T23:37:57Z logger.go:66:                           - restrictedRoles          = null
TestTerraformConfluentPlatformExample 2022-07-27T23:37:57Z logger.go:66:                           - roles                    = null
TestTerraformConfluentPlatformExample 2022-07-27T23:37:57Z logger.go:66:                           - secretRef                = null
TestTerraformConfluentPlatformExample 2022-07-27T23:37:57Z logger.go:66:                         }
TestTerraformConfluentPlatformExample 2022-07-27T23:37:57Z logger.go:66:                       - type  = null
TestTerraformConfluentPlatformExample 2022-07-27T23:37:57Z logger.go:66:                     }
TestTerraformConfluentPlatformExample 2022-07-27T23:37:57Z logger.go:66:                   - checkServerIdentity = null
TestTerraformConfluentPlatformExample 2022-07-27T23:37:57Z logger.go:66:                   - hostname            = null
TestTerraformConfluentPlatformExample 2022-07-27T23:37:57Z logger.go:66:                   - mailBounceAddress   = null
TestTerraformConfluentPlatformExample 2022-07-27T23:37:57Z logger.go:66:                   - mailFrom            = null
TestTerraformConfluentPlatformExample 2022-07-27T23:37:57Z logger.go:66:                   - port                = null
TestTerraformConfluentPlatformExample 2022-07-27T23:37:57Z logger.go:66:                   - startTLSRequired    = null
TestTerraformConfluentPlatformExample 2022-07-27T23:37:57Z logger.go:66:                 }
TestTerraformConfluentPlatformExample 2022-07-27T23:37:57Z logger.go:66:               - metrics                       = {
TestTerraformConfluentPlatformExample 2022-07-27T23:37:57Z logger.go:66:                   - authentication = {
TestTerraformConfluentPlatformExample 2022-07-27T23:37:57Z logger.go:66:                       - type = null
TestTerraformConfluentPlatformExample 2022-07-27T23:37:57Z logger.go:66:                     }
TestTerraformConfluentPlatformExample 2022-07-27T23:37:57Z logger.go:66:                   - prometheus     = {
TestTerraformConfluentPlatformExample 2022-07-27T23:37:57Z logger.go:66:                       - blacklist = null
TestTerraformConfluentPlatformExample 2022-07-27T23:37:57Z logger.go:66:                       - rules     = null
TestTerraformConfluentPlatformExample 2022-07-27T23:37:57Z logger.go:66:                       - whitelist = null
TestTerraformConfluentPlatformExample 2022-07-27T23:37:57Z logger.go:66:                     }
TestTerraformConfluentPlatformExample 2022-07-27T23:37:57Z logger.go:66:                   - tls            = {
TestTerraformConfluentPlatformExample 2022-07-27T23:37:57Z logger.go:66:                       - directoryPathInContainer = null
TestTerraformConfluentPlatformExample 2022-07-27T23:37:57Z logger.go:66:                       - enabled                  = null
TestTerraformConfluentPlatformExample 2022-07-27T23:37:57Z logger.go:66:                       - ignoreTrustStoreConfig   = null
TestTerraformConfluentPlatformExample 2022-07-27T23:37:57Z logger.go:66:                       - jksPassword              = {
TestTerraformConfluentPlatformExample 2022-07-27T23:37:57Z logger.go:66:                           - secretRef = null
TestTerraformConfluentPlatformExample 2022-07-27T23:37:57Z logger.go:66:                         }
TestTerraformConfluentPlatformExample 2022-07-27T23:37:57Z logger.go:66:                       - secretRef                = null
TestTerraformConfluentPlatformExample 2022-07-27T23:37:57Z logger.go:66:                     }
TestTerraformConfluentPlatformExample 2022-07-27T23:37:57Z logger.go:66:                 }
TestTerraformConfluentPlatformExample 2022-07-27T23:37:57Z logger.go:66:               - monitoringKafkaClusters       = null
TestTerraformConfluentPlatformExample 2022-07-27T23:37:57Z logger.go:66:               - mountedSecrets                = null
TestTerraformConfluentPlatformExample 2022-07-27T23:37:57Z logger.go:66:               - mountedVolumes                = {
TestTerraformConfluentPlatformExample 2022-07-27T23:37:57Z logger.go:66:                   - volumeMounts = null
TestTerraformConfluentPlatformExample 2022-07-27T23:37:57Z logger.go:66:                   - volumes      = null
TestTerraformConfluentPlatformExample 2022-07-27T23:37:57Z logger.go:66:                 }
TestTerraformConfluentPlatformExample 2022-07-27T23:37:57Z logger.go:66:               - name                          = null
TestTerraformConfluentPlatformExample 2022-07-27T23:37:57Z logger.go:66:               - oneReplicaPerNode             = null
TestTerraformConfluentPlatformExample 2022-07-27T23:37:57Z logger.go:66:               - podTemplate                   = {
TestTerraformConfluentPlatformExample 2022-07-27T23:37:57Z logger.go:66:                   - affinity                      = {
TestTerraformConfluentPlatformExample 2022-07-27T23:37:57Z logger.go:66:                       - nodeAffinity    = {
TestTerraformConfluentPlatformExample 2022-07-27T23:37:57Z logger.go:66:                           - preferredDuringSchedulingIgnoredDuringExecution = null
TestTerraformConfluentPlatformExample 2022-07-27T23:37:57Z logger.go:66:                           - requiredDuringSchedulingIgnoredDuringExecution  = {
TestTerraformConfluentPlatformExample 2022-07-27T23:37:57Z logger.go:66:                               - nodeSelectorTerms = null
TestTerraformConfluentPlatformExample 2022-07-27T23:37:57Z logger.go:66:                             }
TestTerraformConfluentPlatformExample 2022-07-27T23:37:57Z logger.go:66:                         }
TestTerraformConfluentPlatformExample 2022-07-27T23:37:57Z logger.go:66:                       - podAffinity     = {
TestTerraformConfluentPlatformExample 2022-07-27T23:37:57Z logger.go:66:                           - preferredDuringSchedulingIgnoredDuringExecution = null
TestTerraformConfluentPlatformExample 2022-07-27T23:37:57Z logger.go:66:                           - requiredDuringSchedulingIgnoredDuringExecution  = null
TestTerraformConfluentPlatformExample 2022-07-27T23:37:57Z logger.go:66:                         }
TestTerraformConfluentPlatformExample 2022-07-27T23:37:57Z logger.go:66:                       - podAntiAffinity = {
TestTerraformConfluentPlatformExample 2022-07-27T23:37:57Z logger.go:66:                           - preferredDuringSchedulingIgnoredDuringExecution = null
TestTerraformConfluentPlatformExample 2022-07-27T23:37:57Z logger.go:66:                           - requiredDuringSchedulingIgnoredDuringExecution  = null
TestTerraformConfluentPlatformExample 2022-07-27T23:37:57Z logger.go:66:                         }
TestTerraformConfluentPlatformExample 2022-07-27T23:37:57Z logger.go:66:                     }
TestTerraformConfluentPlatformExample 2022-07-27T23:37:57Z logger.go:66:                   - annotations                   = null
TestTerraformConfluentPlatformExample 2022-07-27T23:37:57Z logger.go:66:                   - envVars                       = null
TestTerraformConfluentPlatformExample 2022-07-27T23:37:57Z logger.go:66:                   - labels                        = null
TestTerraformConfluentPlatformExample 2022-07-27T23:37:57Z logger.go:66:                   - podSecurityContext            = {
TestTerraformConfluentPlatformExample 2022-07-27T23:37:57Z logger.go:66:                       - fsGroup             = null
TestTerraformConfluentPlatformExample 2022-07-27T23:37:57Z logger.go:66:                       - fsGroupChangePolicy = null
TestTerraformConfluentPlatformExample 2022-07-27T23:37:57Z logger.go:66:                       - runAsGroup          = null
TestTerraformConfluentPlatformExample 2022-07-27T23:37:57Z logger.go:66:                       - runAsNonRoot        = null
TestTerraformConfluentPlatformExample 2022-07-27T23:37:57Z logger.go:66:                       - runAsUser           = null
TestTerraformConfluentPlatformExample 2022-07-27T23:37:57Z logger.go:66:                       - seLinuxOptions      = {
TestTerraformConfluentPlatformExample 2022-07-27T23:37:57Z logger.go:66:                           - level = null
TestTerraformConfluentPlatformExample 2022-07-27T23:37:57Z logger.go:66:                           - role  = null
TestTerraformConfluentPlatformExample 2022-07-27T23:37:57Z logger.go:66:                           - type  = null
TestTerraformConfluentPlatformExample 2022-07-27T23:37:57Z logger.go:66:                           - user  = null
TestTerraformConfluentPlatformExample 2022-07-27T23:37:57Z logger.go:66:                         }
TestTerraformConfluentPlatformExample 2022-07-27T23:37:57Z logger.go:66:                       - seccompProfile      = {
TestTerraformConfluentPlatformExample 2022-07-27T23:37:57Z logger.go:66:                           - localhostProfile = null
TestTerraformConfluentPlatformExample 2022-07-27T23:37:57Z logger.go:66:                           - type             = null
TestTerraformConfluentPlatformExample 2022-07-27T23:37:57Z logger.go:66:                         }
TestTerraformConfluentPlatformExample 2022-07-27T23:37:57Z logger.go:66:                       - supplementalGroups  = null
TestTerraformConfluentPlatformExample 2022-07-27T23:37:57Z logger.go:66:                       - sysctls             = null
TestTerraformConfluentPlatformExample 2022-07-27T23:37:57Z logger.go:66:                       - windowsOptions      = {
TestTerraformConfluentPlatformExample 2022-07-27T23:37:57Z logger.go:66:                           - gmsaCredentialSpec     = null
TestTerraformConfluentPlatformExample 2022-07-27T23:37:57Z logger.go:66:                           - gmsaCredentialSpecName = null
TestTerraformConfluentPlatformExample 2022-07-27T23:37:57Z logger.go:66:                           - hostProcess            = null
TestTerraformConfluentPlatformExample 2022-07-27T23:37:57Z logger.go:66:                           - runAsUserName          = null
TestTerraformConfluentPlatformExample 2022-07-27T23:37:57Z logger.go:66:                         }
TestTerraformConfluentPlatformExample 2022-07-27T23:37:57Z logger.go:66:                     }
TestTerraformConfluentPlatformExample 2022-07-27T23:37:57Z logger.go:66:                   - priorityClassName             = null
TestTerraformConfluentPlatformExample 2022-07-27T23:37:57Z logger.go:66:                   - probe                         = {
TestTerraformConfluentPlatformExample 2022-07-27T23:37:57Z logger.go:66:                       - liveness  = {
TestTerraformConfluentPlatformExample 2022-07-27T23:37:57Z logger.go:66:                           - failureThreshold    = null
TestTerraformConfluentPlatformExample 2022-07-27T23:37:57Z logger.go:66:                           - initialDelaySeconds = null
TestTerraformConfluentPlatformExample 2022-07-27T23:37:57Z logger.go:66:                           - periodSeconds       = null
TestTerraformConfluentPlatformExample 2022-07-27T23:37:57Z logger.go:66:                           - successThreshold    = null
TestTerraformConfluentPlatformExample 2022-07-27T23:37:57Z logger.go:66:                           - timeoutSeconds      = null
TestTerraformConfluentPlatformExample 2022-07-27T23:37:57Z logger.go:66:                         }
TestTerraformConfluentPlatformExample 2022-07-27T23:37:57Z logger.go:66:                       - readiness = {
TestTerraformConfluentPlatformExample 2022-07-27T23:37:57Z logger.go:66:                           - failureThreshold    = null
TestTerraformConfluentPlatformExample 2022-07-27T23:37:57Z logger.go:66:                           - initialDelaySeconds = null
TestTerraformConfluentPlatformExample 2022-07-27T23:37:57Z logger.go:66:                           - periodSeconds       = null
TestTerraformConfluentPlatformExample 2022-07-27T23:37:57Z logger.go:66:                           - successThreshold    = null
TestTerraformConfluentPlatformExample 2022-07-27T23:37:57Z logger.go:66:                           - timeoutSeconds      = null
TestTerraformConfluentPlatformExample 2022-07-27T23:37:57Z logger.go:66:                         }
TestTerraformConfluentPlatformExample 2022-07-27T23:37:57Z logger.go:66:                     }
TestTerraformConfluentPlatformExample 2022-07-27T23:37:57Z logger.go:66:                   - resources                     = {
TestTerraformConfluentPlatformExample 2022-07-27T23:37:57Z logger.go:66:                       - limits   = null
TestTerraformConfluentPlatformExample 2022-07-27T23:37:57Z logger.go:66:                       - requests = null
TestTerraformConfluentPlatformExample 2022-07-27T23:37:57Z logger.go:66:                     }
TestTerraformConfluentPlatformExample 2022-07-27T23:37:57Z logger.go:66:                   - securityContext               = {
TestTerraformConfluentPlatformExample 2022-07-27T23:37:57Z logger.go:66:                       - allowPrivilegeEscalation = null
TestTerraformConfluentPlatformExample 2022-07-27T23:37:57Z logger.go:66:                       - capabilities             = {
TestTerraformConfluentPlatformExample 2022-07-27T23:37:57Z logger.go:66:                           - add  = null
TestTerraformConfluentPlatformExample 2022-07-27T23:37:57Z logger.go:66:                           - drop = null
TestTerraformConfluentPlatformExample 2022-07-27T23:37:57Z logger.go:66:                         }
TestTerraformConfluentPlatformExample 2022-07-27T23:37:57Z logger.go:66:                       - privileged               = null
TestTerraformConfluentPlatformExample 2022-07-27T23:37:57Z logger.go:66:                       - procMount                = null
TestTerraformConfluentPlatformExample 2022-07-27T23:37:57Z logger.go:66:                       - readOnlyRootFilesystem   = null
TestTerraformConfluentPlatformExample 2022-07-27T23:37:57Z logger.go:66:                       - runAsGroup               = null
TestTerraformConfluentPlatformExample 2022-07-27T23:37:57Z logger.go:66:                       - runAsNonRoot             = null
TestTerraformConfluentPlatformExample 2022-07-27T23:37:57Z logger.go:66:                       - runAsUser                = null
TestTerraformConfluentPlatformExample 2022-07-27T23:37:57Z logger.go:66:                       - seLinuxOptions           = {
TestTerraformConfluentPlatformExample 2022-07-27T23:37:57Z logger.go:66:                           - level = null
TestTerraformConfluentPlatformExample 2022-07-27T23:37:57Z logger.go:66:                           - role  = null
TestTerraformConfluentPlatformExample 2022-07-27T23:37:57Z logger.go:66:                           - type  = null
TestTerraformConfluentPlatformExample 2022-07-27T23:37:57Z logger.go:66:                           - user  = null
TestTerraformConfluentPlatformExample 2022-07-27T23:37:57Z logger.go:66:                         }
TestTerraformConfluentPlatformExample 2022-07-27T23:37:57Z logger.go:66:                       - seccompProfile           = {
TestTerraformConfluentPlatformExample 2022-07-27T23:37:57Z logger.go:66:                           - localhostProfile = null
TestTerraformConfluentPlatformExample 2022-07-27T23:37:57Z logger.go:66:                           - type             = null
TestTerraformConfluentPlatformExample 2022-07-27T23:37:57Z logger.go:66:                         }
TestTerraformConfluentPlatformExample 2022-07-27T23:37:57Z logger.go:66:                       - windowsOptions           = {
TestTerraformConfluentPlatformExample 2022-07-27T23:37:57Z logger.go:66:                           - gmsaCredentialSpec     = null
TestTerraformConfluentPlatformExample 2022-07-27T23:37:57Z logger.go:66:                           - gmsaCredentialSpecName = null
TestTerraformConfluentPlatformExample 2022-07-27T23:37:57Z logger.go:66:                           - hostProcess            = null
TestTerraformConfluentPlatformExample 2022-07-27T23:37:57Z logger.go:66:                           - runAsUserName          = null
TestTerraformConfluentPlatformExample 2022-07-27T23:37:57Z logger.go:66:                         }
TestTerraformConfluentPlatformExample 2022-07-27T23:37:57Z logger.go:66:                     }
TestTerraformConfluentPlatformExample 2022-07-27T23:37:57Z logger.go:66:                   - serviceAccountName            = null
TestTerraformConfluentPlatformExample 2022-07-27T23:37:57Z logger.go:66:                   - terminationGracePeriodSeconds = null
TestTerraformConfluentPlatformExample 2022-07-27T23:37:57Z logger.go:66:                   - tolerations                   = null
TestTerraformConfluentPlatformExample 2022-07-27T23:37:57Z logger.go:66:                   - topologySpreadConstraints     = null
TestTerraformConfluentPlatformExample 2022-07-27T23:37:57Z logger.go:66:                 }
TestTerraformConfluentPlatformExample 2022-07-27T23:37:57Z logger.go:66:               - replicas                      = 1
TestTerraformConfluentPlatformExample 2022-07-27T23:37:57Z logger.go:66:               - storageClass                  = {
TestTerraformConfluentPlatformExample 2022-07-27T23:37:57Z logger.go:66:                   - name = null
TestTerraformConfluentPlatformExample 2022-07-27T23:37:57Z logger.go:66:                 }
TestTerraformConfluentPlatformExample 2022-07-27T23:37:57Z logger.go:66:               - telemetry                     = {
TestTerraformConfluentPlatformExample 2022-07-27T23:37:57Z logger.go:66:                   - global = null
TestTerraformConfluentPlatformExample 2022-07-27T23:37:57Z logger.go:66:                 }
TestTerraformConfluentPlatformExample 2022-07-27T23:37:57Z logger.go:66:               - tls                           = {
TestTerraformConfluentPlatformExample 2022-07-27T23:37:57Z logger.go:66:                   - autoGeneratedCerts       = null
TestTerraformConfluentPlatformExample 2022-07-27T23:37:57Z logger.go:66:                   - directoryPathInContainer = null
TestTerraformConfluentPlatformExample 2022-07-27T23:37:57Z logger.go:66:                   - ignoreTrustStoreConfig   = null
TestTerraformConfluentPlatformExample 2022-07-27T23:37:57Z logger.go:66:                   - jksPassword              = {
TestTerraformConfluentPlatformExample 2022-07-27T23:37:57Z logger.go:66:                       - secretRef = null
TestTerraformConfluentPlatformExample 2022-07-27T23:37:57Z logger.go:66:                     }
TestTerraformConfluentPlatformExample 2022-07-27T23:37:57Z logger.go:66:                   - secretRef                = null
TestTerraformConfluentPlatformExample 2022-07-27T23:37:57Z logger.go:66:                 }
TestTerraformConfluentPlatformExample 2022-07-27T23:37:57Z logger.go:66:             }
TestTerraformConfluentPlatformExample 2022-07-27T23:37:57Z logger.go:66:         } -> null
TestTerraformConfluentPlatformExample 2022-07-27T23:37:57Z logger.go:66:
TestTerraformConfluentPlatformExample 2022-07-27T23:37:57Z logger.go:66:       - timeouts {
TestTerraformConfluentPlatformExample 2022-07-27T23:37:57Z logger.go:66:           - create = "1h" -> null
TestTerraformConfluentPlatformExample 2022-07-27T23:37:57Z logger.go:66:           - delete = "5m" -> null
TestTerraformConfluentPlatformExample 2022-07-27T23:37:57Z logger.go:66:           - update = "1h" -> null
TestTerraformConfluentPlatformExample 2022-07-27T23:37:57Z logger.go:66:         }
TestTerraformConfluentPlatformExample 2022-07-27T23:37:57Z logger.go:66:
TestTerraformConfluentPlatformExample 2022-07-27T23:37:57Z logger.go:66:       - wait {
TestTerraformConfluentPlatformExample 2022-07-27T23:37:57Z logger.go:66:           - fields = {
TestTerraformConfluentPlatformExample 2022-07-27T23:37:57Z logger.go:66:               - "status.phase" = "RUNNING"
TestTerraformConfluentPlatformExample 2022-07-27T23:37:57Z logger.go:66:             } -> null
TestTerraformConfluentPlatformExample 2022-07-27T23:37:57Z logger.go:66:         }
TestTerraformConfluentPlatformExample 2022-07-27T23:37:57Z logger.go:66:     }
TestTerraformConfluentPlatformExample 2022-07-27T23:37:57Z logger.go:66:
TestTerraformConfluentPlatformExample 2022-07-27T23:37:57Z logger.go:66:   # module.confluent_platform.kubernetes_manifest.kafka[0] will be destroyed
TestTerraformConfluentPlatformExample 2022-07-27T23:37:57Z logger.go:66:   - resource "kubernetes_manifest" "kafka" {
TestTerraformConfluentPlatformExample 2022-07-27T23:37:57Z logger.go:66:       - computed_fields = [
TestTerraformConfluentPlatformExample 2022-07-27T23:37:57Z logger.go:66:           - "metadata.finalizers",
TestTerraformConfluentPlatformExample 2022-07-27T23:37:57Z logger.go:66:         ] -> null
TestTerraformConfluentPlatformExample 2022-07-27T23:37:57Z logger.go:66:       - manifest        = {
TestTerraformConfluentPlatformExample 2022-07-27T23:37:57Z logger.go:66:           - apiVersion = "platform.confluent.io/v1beta1"
TestTerraformConfluentPlatformExample 2022-07-27T23:37:57Z logger.go:66:           - kind       = "Kafka"
TestTerraformConfluentPlatformExample 2022-07-27T23:37:57Z logger.go:66:           - metadata   = {
TestTerraformConfluentPlatformExample 2022-07-27T23:37:57Z logger.go:66:               - name      = "kafka"
TestTerraformConfluentPlatformExample 2022-07-27T23:37:57Z logger.go:66:               - namespace = "confluent"
TestTerraformConfluentPlatformExample 2022-07-27T23:37:57Z logger.go:66:             }
TestTerraformConfluentPlatformExample 2022-07-27T23:37:57Z logger.go:66:           - spec       = {
TestTerraformConfluentPlatformExample 2022-07-27T23:37:57Z logger.go:66:               - dataVolumeCapacity = "10Gi"
TestTerraformConfluentPlatformExample 2022-07-27T23:37:57Z logger.go:66:               - image              = {
TestTerraformConfluentPlatformExample 2022-07-27T23:37:57Z logger.go:66:                   - application = "confluentinc/cp-server:7.2.0"
TestTerraformConfluentPlatformExample 2022-07-27T23:37:57Z logger.go:66:                   - init        = "confluentinc/confluent-init-container:2.4.0"
TestTerraformConfluentPlatformExample 2022-07-27T23:37:57Z logger.go:66:                 }
TestTerraformConfluentPlatformExample 2022-07-27T23:37:57Z logger.go:66:               - metricReporter     = {
TestTerraformConfluentPlatformExample 2022-07-27T23:37:57Z logger.go:66:                   - enabled = true
TestTerraformConfluentPlatformExample 2022-07-27T23:37:57Z logger.go:66:                 }
TestTerraformConfluentPlatformExample 2022-07-27T23:37:57Z logger.go:66:               - replicas           = 3
TestTerraformConfluentPlatformExample 2022-07-27T23:37:57Z logger.go:66:             }
TestTerraformConfluentPlatformExample 2022-07-27T23:37:57Z logger.go:66:         } -> null
TestTerraformConfluentPlatformExample 2022-07-27T23:37:57Z logger.go:66:       - object          = {
TestTerraformConfluentPlatformExample 2022-07-27T23:37:57Z logger.go:66:           - apiVersion = "platform.confluent.io/v1beta1"
TestTerraformConfluentPlatformExample 2022-07-27T23:37:57Z logger.go:66:           - kind       = "Kafka"
TestTerraformConfluentPlatformExample 2022-07-27T23:37:57Z logger.go:66:           - metadata   = {
TestTerraformConfluentPlatformExample 2022-07-27T23:37:57Z logger.go:66:               - annotations                = {
TestTerraformConfluentPlatformExample 2022-07-27T23:37:57Z logger.go:66:                   - "platform.confluent.io/config-revision-hash"   = "t2bgf92bkh"
TestTerraformConfluentPlatformExample 2022-07-27T23:37:57Z logger.go:66:                   - "platform.confluent.io/last-pod-template-hash" = "c5dd99557"
TestTerraformConfluentPlatformExample 2022-07-27T23:37:57Z logger.go:66:                 }
TestTerraformConfluentPlatformExample 2022-07-27T23:37:57Z logger.go:66:               - clusterName                = null
TestTerraformConfluentPlatformExample 2022-07-27T23:37:57Z logger.go:66:               - creationTimestamp          = null
TestTerraformConfluentPlatformExample 2022-07-27T23:37:57Z logger.go:66:               - deletionGracePeriodSeconds = null
TestTerraformConfluentPlatformExample 2022-07-27T23:37:57Z logger.go:66:               - deletionTimestamp          = null
TestTerraformConfluentPlatformExample 2022-07-27T23:37:57Z logger.go:66:               - finalizers                 = [
TestTerraformConfluentPlatformExample 2022-07-27T23:37:57Z logger.go:66:                   - "kafka.finalizers.platform.confluent.io",
TestTerraformConfluentPlatformExample 2022-07-27T23:37:57Z logger.go:66:                 ]
TestTerraformConfluentPlatformExample 2022-07-27T23:37:57Z logger.go:66:               - generateName               = null
TestTerraformConfluentPlatformExample 2022-07-27T23:37:57Z logger.go:66:               - generation                 = null
TestTerraformConfluentPlatformExample 2022-07-27T23:37:57Z logger.go:66:               - labels                     = null
TestTerraformConfluentPlatformExample 2022-07-27T23:37:57Z logger.go:66:               - managedFields              = null
TestTerraformConfluentPlatformExample 2022-07-27T23:37:57Z logger.go:66:               - name                       = "kafka"
TestTerraformConfluentPlatformExample 2022-07-27T23:37:57Z logger.go:66:               - namespace                  = "confluent"
TestTerraformConfluentPlatformExample 2022-07-27T23:37:57Z logger.go:66:               - ownerReferences            = null
TestTerraformConfluentPlatformExample 2022-07-27T23:37:57Z logger.go:66:               - resourceVersion            = null
TestTerraformConfluentPlatformExample 2022-07-27T23:37:57Z logger.go:66:               - selfLink                   = null
TestTerraformConfluentPlatformExample 2022-07-27T23:37:57Z logger.go:66:               - uid                        = null
TestTerraformConfluentPlatformExample 2022-07-27T23:37:57Z logger.go:66:             }
TestTerraformConfluentPlatformExample 2022-07-27T23:37:57Z logger.go:66:           - spec       = {
TestTerraformConfluentPlatformExample 2022-07-27T23:37:57Z logger.go:66:               - authorization      = {
TestTerraformConfluentPlatformExample 2022-07-27T23:37:57Z logger.go:66:                   - superUsers = null
TestTerraformConfluentPlatformExample 2022-07-27T23:37:57Z logger.go:66:                   - type       = null
TestTerraformConfluentPlatformExample 2022-07-27T23:37:57Z logger.go:66:                 }
TestTerraformConfluentPlatformExample 2022-07-27T23:37:57Z logger.go:66:               - configOverrides    = {
TestTerraformConfluentPlatformExample 2022-07-27T23:37:57Z logger.go:66:                   - jvm    = null
TestTerraformConfluentPlatformExample 2022-07-27T23:37:57Z logger.go:66:                   - log4j  = null
TestTerraformConfluentPlatformExample 2022-07-27T23:37:57Z logger.go:66:                   - server = null
TestTerraformConfluentPlatformExample 2022-07-27T23:37:57Z logger.go:66:                 }
TestTerraformConfluentPlatformExample 2022-07-27T23:37:57Z logger.go:66:               - dataVolumeCapacity = "10Gi"
TestTerraformConfluentPlatformExample 2022-07-27T23:37:57Z logger.go:66:               - dependencies       = {
TestTerraformConfluentPlatformExample 2022-07-27T23:37:57Z logger.go:66:                   - kafkaRest      = {
TestTerraformConfluentPlatformExample 2022-07-27T23:37:57Z logger.go:66:                       - authentication    = {
TestTerraformConfluentPlatformExample 2022-07-27T23:37:57Z logger.go:66:                           - bearer                = {
TestTerraformConfluentPlatformExample 2022-07-27T23:37:57Z logger.go:66:                               - directoryPathInContainer = null
TestTerraformConfluentPlatformExample 2022-07-27T23:37:57Z logger.go:66:                               - secretRef                = null
TestTerraformConfluentPlatformExample 2022-07-27T23:37:57Z logger.go:66:                             }
TestTerraformConfluentPlatformExample 2022-07-27T23:37:57Z logger.go:66:                           - jaasConfig            = {
TestTerraformConfluentPlatformExample 2022-07-27T23:37:57Z logger.go:66:                               - secretRef = null
TestTerraformConfluentPlatformExample 2022-07-27T23:37:57Z logger.go:66:                             }
TestTerraformConfluentPlatformExample 2022-07-27T23:37:57Z logger.go:66:                           - jaasConfigPassThrough = {
TestTerraformConfluentPlatformExample 2022-07-27T23:37:57Z logger.go:66:                               - directoryPathInContainer = null
TestTerraformConfluentPlatformExample 2022-07-27T23:37:57Z logger.go:66:                               - secretRef                = null
TestTerraformConfluentPlatformExample 2022-07-27T23:37:57Z logger.go:66:                             }
TestTerraformConfluentPlatformExample 2022-07-27T23:37:57Z logger.go:66:                           - oauthbearer           = {
TestTerraformConfluentPlatformExample 2022-07-27T23:37:57Z logger.go:66:                               - directoryPathInContainer = null
TestTerraformConfluentPlatformExample 2022-07-27T23:37:57Z logger.go:66:                               - secretRef                = null
TestTerraformConfluentPlatformExample 2022-07-27T23:37:57Z logger.go:66:                             }
TestTerraformConfluentPlatformExample 2022-07-27T23:37:57Z logger.go:66:                           - type                  = null
TestTerraformConfluentPlatformExample 2022-07-27T23:37:57Z logger.go:66:                         }
TestTerraformConfluentPlatformExample 2022-07-27T23:37:57Z logger.go:66:                       - bootstrapEndpoint = null
TestTerraformConfluentPlatformExample 2022-07-27T23:37:57Z logger.go:66:                       - endpoint          = null
TestTerraformConfluentPlatformExample 2022-07-27T23:37:57Z logger.go:66:                       - tls               = {
TestTerraformConfluentPlatformExample 2022-07-27T23:37:57Z logger.go:66:                           - directoryPathInContainer = null
TestTerraformConfluentPlatformExample 2022-07-27T23:37:57Z logger.go:66:                           - enabled                  = null
TestTerraformConfluentPlatformExample 2022-07-27T23:37:57Z logger.go:66:                           - ignoreTrustStoreConfig   = null
TestTerraformConfluentPlatformExample 2022-07-27T23:37:57Z logger.go:66:                           - jksPassword              = {
TestTerraformConfluentPlatformExample 2022-07-27T23:37:57Z logger.go:66:                               - secretRef = null
TestTerraformConfluentPlatformExample 2022-07-27T23:37:57Z logger.go:66:                             }
TestTerraformConfluentPlatformExample 2022-07-27T23:37:57Z logger.go:66:                           - secretRef                = null
TestTerraformConfluentPlatformExample 2022-07-27T23:37:57Z logger.go:66:                         }
TestTerraformConfluentPlatformExample 2022-07-27T23:37:57Z logger.go:66:                     }
TestTerraformConfluentPlatformExample 2022-07-27T23:37:57Z logger.go:66:                   - mds            = {
TestTerraformConfluentPlatformExample 2022-07-27T23:37:57Z logger.go:66:                       - endpoint     = null
TestTerraformConfluentPlatformExample 2022-07-27T23:37:57Z logger.go:66:                       - kafka        = {
TestTerraformConfluentPlatformExample 2022-07-27T23:37:57Z logger.go:66:                           - authentication    = {
TestTerraformConfluentPlatformExample 2022-07-27T23:37:57Z logger.go:66:                               - jaasConfig            = {
TestTerraformConfluentPlatformExample 2022-07-27T23:37:57Z logger.go:66:                                   - secretRef = null
TestTerraformConfluentPlatformExample 2022-07-27T23:37:57Z logger.go:66:                                 }
TestTerraformConfluentPlatformExample 2022-07-27T23:37:57Z logger.go:66:                               - jaasConfigPassThrough = {
TestTerraformConfluentPlatformExample 2022-07-27T23:37:57Z logger.go:66:                                   - directoryPathInContainer = null
TestTerraformConfluentPlatformExample 2022-07-27T23:37:57Z logger.go:66:                                   - secretRef                = null
TestTerraformConfluentPlatformExample 2022-07-27T23:37:57Z logger.go:66:                                 }
TestTerraformConfluentPlatformExample 2022-07-27T23:37:57Z logger.go:66:                               - oauthbearer           = {
TestTerraformConfluentPlatformExample 2022-07-27T23:37:57Z logger.go:66:                                   - directoryPathInContainer = null
TestTerraformConfluentPlatformExample 2022-07-27T23:37:57Z logger.go:66:                                   - secretRef                = null
TestTerraformConfluentPlatformExample 2022-07-27T23:37:57Z logger.go:66:                                 }
TestTerraformConfluentPlatformExample 2022-07-27T23:37:57Z logger.go:66:                               - type                  = null
TestTerraformConfluentPlatformExample 2022-07-27T23:37:57Z logger.go:66:                             }
TestTerraformConfluentPlatformExample 2022-07-27T23:37:57Z logger.go:66:                           - bootstrapEndpoint = null
TestTerraformConfluentPlatformExample 2022-07-27T23:37:57Z logger.go:66:                           - discovery         = {
TestTerraformConfluentPlatformExample 2022-07-27T23:37:57Z logger.go:66:                               - name      = null
TestTerraformConfluentPlatformExample 2022-07-27T23:37:57Z logger.go:66:                               - namespace = null
TestTerraformConfluentPlatformExample 2022-07-27T23:37:57Z logger.go:66:                               - secretRef = null
TestTerraformConfluentPlatformExample 2022-07-27T23:37:57Z logger.go:66:                             }
TestTerraformConfluentPlatformExample 2022-07-27T23:37:57Z logger.go:66:                           - tls               = {
TestTerraformConfluentPlatformExample 2022-07-27T23:37:57Z logger.go:66:                               - directoryPathInContainer = null
TestTerraformConfluentPlatformExample 2022-07-27T23:37:57Z logger.go:66:                               - enabled                  = null
TestTerraformConfluentPlatformExample 2022-07-27T23:37:57Z logger.go:66:                               - ignoreTrustStoreConfig   = null
TestTerraformConfluentPlatformExample 2022-07-27T23:37:57Z logger.go:66:                               - jksPassword              = {
TestTerraformConfluentPlatformExample 2022-07-27T23:37:57Z logger.go:66:                                   - secretRef = null
TestTerraformConfluentPlatformExample 2022-07-27T23:37:57Z logger.go:66:                                 }
TestTerraformConfluentPlatformExample 2022-07-27T23:37:57Z logger.go:66:                               - secretRef                = null
TestTerraformConfluentPlatformExample 2022-07-27T23:37:57Z logger.go:66:                             }
TestTerraformConfluentPlatformExample 2022-07-27T23:37:57Z logger.go:66:                         }
TestTerraformConfluentPlatformExample 2022-07-27T23:37:57Z logger.go:66:                       - tls          = {
TestTerraformConfluentPlatformExample 2022-07-27T23:37:57Z logger.go:66:                           - directoryPathInContainer = null
TestTerraformConfluentPlatformExample 2022-07-27T23:37:57Z logger.go:66:                           - enabled                  = null
TestTerraformConfluentPlatformExample 2022-07-27T23:37:57Z logger.go:66:                           - ignoreTrustStoreConfig   = null
TestTerraformConfluentPlatformExample 2022-07-27T23:37:57Z logger.go:66:                           - jksPassword              = {
TestTerraformConfluentPlatformExample 2022-07-27T23:37:57Z logger.go:66:                               - secretRef = null
TestTerraformConfluentPlatformExample 2022-07-27T23:37:57Z logger.go:66:                             }
TestTerraformConfluentPlatformExample 2022-07-27T23:37:57Z logger.go:66:                           - secretRef                = null
TestTerraformConfluentPlatformExample 2022-07-27T23:37:57Z logger.go:66:                         }
TestTerraformConfluentPlatformExample 2022-07-27T23:37:57Z logger.go:66:                       - tokenKeyPair = {
TestTerraformConfluentPlatformExample 2022-07-27T23:37:57Z logger.go:66:                           - directoryPathInContainer = null
TestTerraformConfluentPlatformExample 2022-07-27T23:37:57Z logger.go:66:                           - secretRef                = null
TestTerraformConfluentPlatformExample 2022-07-27T23:37:57Z logger.go:66:                         }
TestTerraformConfluentPlatformExample 2022-07-27T23:37:57Z logger.go:66:                     }
TestTerraformConfluentPlatformExample 2022-07-27T23:37:57Z logger.go:66:                   - schemaRegistry = {
TestTerraformConfluentPlatformExample 2022-07-27T23:37:57Z logger.go:66:                       - authentication = {
TestTerraformConfluentPlatformExample 2022-07-27T23:37:57Z logger.go:66:                           - basic = {
TestTerraformConfluentPlatformExample 2022-07-27T23:37:57Z logger.go:66:                               - debug                    = null
TestTerraformConfluentPlatformExample 2022-07-27T23:37:57Z logger.go:66:                               - directoryPathInContainer = null
TestTerraformConfluentPlatformExample 2022-07-27T23:37:57Z logger.go:66:                               - restrictedRoles          = null
TestTerraformConfluentPlatformExample 2022-07-27T23:37:57Z logger.go:66:                               - roles                    = null
TestTerraformConfluentPlatformExample 2022-07-27T23:37:57Z logger.go:66:                               - secretRef                = null
TestTerraformConfluentPlatformExample 2022-07-27T23:37:57Z logger.go:66:                             }
TestTerraformConfluentPlatformExample 2022-07-27T23:37:57Z logger.go:66:                           - type  = null
TestTerraformConfluentPlatformExample 2022-07-27T23:37:57Z logger.go:66:                         }
TestTerraformConfluentPlatformExample 2022-07-27T23:37:57Z logger.go:66:                       - tls            = {
TestTerraformConfluentPlatformExample 2022-07-27T23:37:57Z logger.go:66:                           - directoryPathInContainer = null
TestTerraformConfluentPlatformExample 2022-07-27T23:37:57Z logger.go:66:                           - enabled                  = null
TestTerraformConfluentPlatformExample 2022-07-27T23:37:57Z logger.go:66:                           - ignoreTrustStoreConfig   = null
TestTerraformConfluentPlatformExample 2022-07-27T23:37:57Z logger.go:66:                           - jksPassword              = {
TestTerraformConfluentPlatformExample 2022-07-27T23:37:57Z logger.go:66:                               - secretRef = null
TestTerraformConfluentPlatformExample 2022-07-27T23:37:57Z logger.go:66:                             }
TestTerraformConfluentPlatformExample 2022-07-27T23:37:57Z logger.go:66:                           - secretRef                = null
TestTerraformConfluentPlatformExample 2022-07-27T23:37:57Z logger.go:66:                         }
TestTerraformConfluentPlatformExample 2022-07-27T23:37:57Z logger.go:66:                       - url            = null
TestTerraformConfluentPlatformExample 2022-07-27T23:37:57Z logger.go:66:                     }
TestTerraformConfluentPlatformExample 2022-07-27T23:37:57Z logger.go:66:                   - zookeeper      = {
TestTerraformConfluentPlatformExample 2022-07-27T23:37:57Z logger.go:66:                       - authentication = {
TestTerraformConfluentPlatformExample 2022-07-27T23:37:57Z logger.go:66:                           - jaasConfig            = {
TestTerraformConfluentPlatformExample 2022-07-27T23:37:57Z logger.go:66:                               - secretRef = null
TestTerraformConfluentPlatformExample 2022-07-27T23:37:57Z logger.go:66:                             }
TestTerraformConfluentPlatformExample 2022-07-27T23:37:57Z logger.go:66:                           - jaasConfigPassThrough = {
TestTerraformConfluentPlatformExample 2022-07-27T23:37:57Z logger.go:66:                               - directoryPathInContainer = null
TestTerraformConfluentPlatformExample 2022-07-27T23:37:57Z logger.go:66:                               - secretRef                = null
TestTerraformConfluentPlatformExample 2022-07-27T23:37:57Z logger.go:66:                             }
TestTerraformConfluentPlatformExample 2022-07-27T23:37:57Z logger.go:66:                           - oauthbearer           = {
TestTerraformConfluentPlatformExample 2022-07-27T23:37:57Z logger.go:66:                               - directoryPathInContainer = null
TestTerraformConfluentPlatformExample 2022-07-27T23:37:57Z logger.go:66:                               - secretRef                = null
TestTerraformConfluentPlatformExample 2022-07-27T23:37:57Z logger.go:66:                             }
TestTerraformConfluentPlatformExample 2022-07-27T23:37:57Z logger.go:66:                           - type                  = null
TestTerraformConfluentPlatformExample 2022-07-27T23:37:57Z logger.go:66:                         }
TestTerraformConfluentPlatformExample 2022-07-27T23:37:57Z logger.go:66:                       - discovery      = {
TestTerraformConfluentPlatformExample 2022-07-27T23:37:57Z logger.go:66:                           - name      = null
TestTerraformConfluentPlatformExample 2022-07-27T23:37:57Z logger.go:66:                           - namespace = null
TestTerraformConfluentPlatformExample 2022-07-27T23:37:57Z logger.go:66:                           - secretRef = null
TestTerraformConfluentPlatformExample 2022-07-27T23:37:57Z logger.go:66:                         }
TestTerraformConfluentPlatformExample 2022-07-27T23:37:57Z logger.go:66:                       - endpoint       = null
TestTerraformConfluentPlatformExample 2022-07-27T23:37:57Z logger.go:66:                       - tls            = {
TestTerraformConfluentPlatformExample 2022-07-27T23:37:57Z logger.go:66:                           - directoryPathInContainer = null
TestTerraformConfluentPlatformExample 2022-07-27T23:37:57Z logger.go:66:                           - enabled                  = null
TestTerraformConfluentPlatformExample 2022-07-27T23:37:57Z logger.go:66:                           - ignoreTrustStoreConfig   = null
TestTerraformConfluentPlatformExample 2022-07-27T23:37:57Z logger.go:66:                           - jksPassword              = {
TestTerraformConfluentPlatformExample 2022-07-27T23:37:57Z logger.go:66:                               - secretRef = null
TestTerraformConfluentPlatformExample 2022-07-27T23:37:57Z logger.go:66:                             }
TestTerraformConfluentPlatformExample 2022-07-27T23:37:57Z logger.go:66:                           - secretRef                = null
TestTerraformConfluentPlatformExample 2022-07-27T23:37:57Z logger.go:66:                         }
TestTerraformConfluentPlatformExample 2022-07-27T23:37:57Z logger.go:66:                     }
TestTerraformConfluentPlatformExample 2022-07-27T23:37:57Z logger.go:66:                 }
TestTerraformConfluentPlatformExample 2022-07-27T23:37:57Z logger.go:66:               - headlessService    = {
TestTerraformConfluentPlatformExample 2022-07-27T23:37:57Z logger.go:66:                   - annotations              = null
TestTerraformConfluentPlatformExample 2022-07-27T23:37:57Z logger.go:66:                   - labels                   = null
TestTerraformConfluentPlatformExample 2022-07-27T23:37:57Z logger.go:66:                   - publishNotReadyAddresses = null
TestTerraformConfluentPlatformExample 2022-07-27T23:37:57Z logger.go:66:                 }
TestTerraformConfluentPlatformExample 2022-07-27T23:37:57Z logger.go:66:               - identityProvider   = {
TestTerraformConfluentPlatformExample 2022-07-27T23:37:57Z logger.go:66:                   - ldap = {
TestTerraformConfluentPlatformExample 2022-07-27T23:37:57Z logger.go:66:                       - address        = null
TestTerraformConfluentPlatformExample 2022-07-27T23:37:57Z logger.go:66:                       - authentication = {
TestTerraformConfluentPlatformExample 2022-07-27T23:37:57Z logger.go:66:                           - simple = {
TestTerraformConfluentPlatformExample 2022-07-27T23:37:57Z logger.go:66:                               - directoryPathInContainer = null
TestTerraformConfluentPlatformExample 2022-07-27T23:37:57Z logger.go:66:                               - secretRef                = null
TestTerraformConfluentPlatformExample 2022-07-27T23:37:57Z logger.go:66:                             }
TestTerraformConfluentPlatformExample 2022-07-27T23:37:57Z logger.go:66:                           - type   = null
TestTerraformConfluentPlatformExample 2022-07-27T23:37:57Z logger.go:66:                         }
TestTerraformConfluentPlatformExample 2022-07-27T23:37:57Z logger.go:66:                       - configurations = {
TestTerraformConfluentPlatformExample 2022-07-27T23:37:57Z logger.go:66:                           - groupMemberAttribute         = null
TestTerraformConfluentPlatformExample 2022-07-27T23:37:57Z logger.go:66:                           - groupMemberAttributePattern  = null
TestTerraformConfluentPlatformExample 2022-07-27T23:37:57Z logger.go:66:                           - groupNameAttribute           = null
TestTerraformConfluentPlatformExample 2022-07-27T23:37:57Z logger.go:66:                           - groupObjectClass             = null
TestTerraformConfluentPlatformExample 2022-07-27T23:37:57Z logger.go:66:                           - groupSearchBase              = null
TestTerraformConfluentPlatformExample 2022-07-27T23:37:57Z logger.go:66:                           - groupSearchFilter            = null
TestTerraformConfluentPlatformExample 2022-07-27T23:37:57Z logger.go:66:                           - groupSearchScope             = null
TestTerraformConfluentPlatformExample 2022-07-27T23:37:57Z logger.go:66:                           - userMemberOfAttributePattern = null
TestTerraformConfluentPlatformExample 2022-07-27T23:37:57Z logger.go:66:                           - userNameAttribute            = null
TestTerraformConfluentPlatformExample 2022-07-27T23:37:57Z logger.go:66:                           - userObjectClass              = null
TestTerraformConfluentPlatformExample 2022-07-27T23:37:57Z logger.go:66:                           - userSearchBase               = null
TestTerraformConfluentPlatformExample 2022-07-27T23:37:57Z logger.go:66:                           - userSearchFilter             = null
TestTerraformConfluentPlatformExample 2022-07-27T23:37:57Z logger.go:66:                           - userSearchScope              = null
TestTerraformConfluentPlatformExample 2022-07-27T23:37:57Z logger.go:66:                         }
TestTerraformConfluentPlatformExample 2022-07-27T23:37:57Z logger.go:66:                       - tls            = {
TestTerraformConfluentPlatformExample 2022-07-27T23:37:57Z logger.go:66:                           - directoryPathInContainer = null
TestTerraformConfluentPlatformExample 2022-07-27T23:37:57Z logger.go:66:                           - enabled                  = null
TestTerraformConfluentPlatformExample 2022-07-27T23:37:57Z logger.go:66:                           - ignoreTrustStoreConfig   = null
TestTerraformConfluentPlatformExample 2022-07-27T23:37:57Z logger.go:66:                           - jksPassword              = {
TestTerraformConfluentPlatformExample 2022-07-27T23:37:57Z logger.go:66:                               - secretRef = null
TestTerraformConfluentPlatformExample 2022-07-27T23:37:57Z logger.go:66:                             }
TestTerraformConfluentPlatformExample 2022-07-27T23:37:57Z logger.go:66:                           - secretRef                = null
TestTerraformConfluentPlatformExample 2022-07-27T23:37:57Z logger.go:66:                         }
TestTerraformConfluentPlatformExample 2022-07-27T23:37:57Z logger.go:66:                     }
TestTerraformConfluentPlatformExample 2022-07-27T23:37:57Z logger.go:66:                   - type = null
TestTerraformConfluentPlatformExample 2022-07-27T23:37:57Z logger.go:66:                 }
TestTerraformConfluentPlatformExample 2022-07-27T23:37:57Z logger.go:66:               - image              = {
TestTerraformConfluentPlatformExample 2022-07-27T23:37:57Z logger.go:66:                   - application   = "confluentinc/cp-server:7.2.0"
TestTerraformConfluentPlatformExample 2022-07-27T23:37:57Z logger.go:66:                   - init          = "confluentinc/confluent-init-container:2.4.0"
TestTerraformConfluentPlatformExample 2022-07-27T23:37:57Z logger.go:66:                   - pullPolicy    = null
TestTerraformConfluentPlatformExample 2022-07-27T23:37:57Z logger.go:66:                   - pullSecretRef = null
TestTerraformConfluentPlatformExample 2022-07-27T23:37:57Z logger.go:66:                 }
TestTerraformConfluentPlatformExample 2022-07-27T23:37:57Z logger.go:66:               - injectAnnotations  = null
TestTerraformConfluentPlatformExample 2022-07-27T23:37:57Z logger.go:66:               - injectLabels       = null
TestTerraformConfluentPlatformExample 2022-07-27T23:37:57Z logger.go:66:               - k8sClusterDomain   = null
TestTerraformConfluentPlatformExample 2022-07-27T23:37:57Z logger.go:66:               - license            = {
TestTerraformConfluentPlatformExample 2022-07-27T23:37:57Z logger.go:66:                   - directoryPathInContainer = null
TestTerraformConfluentPlatformExample 2022-07-27T23:37:57Z logger.go:66:                   - globalLicense            = null
TestTerraformConfluentPlatformExample 2022-07-27T23:37:57Z logger.go:66:                   - secretRef                = null
TestTerraformConfluentPlatformExample 2022-07-27T23:37:57Z logger.go:66:                 }
TestTerraformConfluentPlatformExample 2022-07-27T23:37:57Z logger.go:66:               - listeners          = {
TestTerraformConfluentPlatformExample 2022-07-27T23:37:57Z logger.go:66:                   - custom   = null
TestTerraformConfluentPlatformExample 2022-07-27T23:37:57Z logger.go:66:                   - external = {
TestTerraformConfluentPlatformExample 2022-07-27T23:37:57Z logger.go:66:                       - authentication = {
TestTerraformConfluentPlatformExample 2022-07-27T23:37:57Z logger.go:66:                           - jaasConfig            = {
TestTerraformConfluentPlatformExample 2022-07-27T23:37:57Z logger.go:66:                               - secretRef = null
TestTerraformConfluentPlatformExample 2022-07-27T23:37:57Z logger.go:66:                             }
TestTerraformConfluentPlatformExample 2022-07-27T23:37:57Z logger.go:66:                           - jaasConfigPassThrough = {
TestTerraformConfluentPlatformExample 2022-07-27T23:37:57Z logger.go:66:                               - directoryPathInContainer = null
TestTerraformConfluentPlatformExample 2022-07-27T23:37:57Z logger.go:66:                               - secretRef                = null
TestTerraformConfluentPlatformExample 2022-07-27T23:37:57Z logger.go:66:                             }
TestTerraformConfluentPlatformExample 2022-07-27T23:37:57Z logger.go:66:                           - principalMappingRules = null
TestTerraformConfluentPlatformExample 2022-07-27T23:37:57Z logger.go:66:                           - type                  = null
TestTerraformConfluentPlatformExample 2022-07-27T23:37:57Z logger.go:66:                         }
TestTerraformConfluentPlatformExample 2022-07-27T23:37:57Z logger.go:66:                       - externalAccess = {
TestTerraformConfluentPlatformExample 2022-07-27T23:37:57Z logger.go:66:                           - loadBalancer              = {
TestTerraformConfluentPlatformExample 2022-07-27T23:37:57Z logger.go:66:                               - advertisedPort           = null
TestTerraformConfluentPlatformExample 2022-07-27T23:37:57Z logger.go:66:                               - annotations              = null
TestTerraformConfluentPlatformExample 2022-07-27T23:37:57Z logger.go:66:                               - bootstrapPrefix          = null
TestTerraformConfluentPlatformExample 2022-07-27T23:37:57Z logger.go:66:                               - brokerPrefix             = null
TestTerraformConfluentPlatformExample 2022-07-27T23:37:57Z logger.go:66:                               - domain                   = null
TestTerraformConfluentPlatformExample 2022-07-27T23:37:57Z logger.go:66:                               - externalTrafficPolicy    = null
TestTerraformConfluentPlatformExample 2022-07-27T23:37:57Z logger.go:66:                               - labels                   = null
TestTerraformConfluentPlatformExample 2022-07-27T23:37:57Z logger.go:66:                               - loadBalancerSourceRanges = null
TestTerraformConfluentPlatformExample 2022-07-27T23:37:57Z logger.go:66:                               - servicePorts             = null
TestTerraformConfluentPlatformExample 2022-07-27T23:37:57Z logger.go:66:                               - sessionAffinity          = null
TestTerraformConfluentPlatformExample 2022-07-27T23:37:57Z logger.go:66:                               - sessionAffinityConfig    = {
TestTerraformConfluentPlatformExample 2022-07-27T23:37:57Z logger.go:66:                                   - clientIP = {
TestTerraformConfluentPlatformExample 2022-07-27T23:37:57Z logger.go:66:                                       - timeoutSeconds = null
TestTerraformConfluentPlatformExample 2022-07-27T23:37:57Z logger.go:66:                                     }
TestTerraformConfluentPlatformExample 2022-07-27T23:37:57Z logger.go:66:                                 }
TestTerraformConfluentPlatformExample 2022-07-27T23:37:57Z logger.go:66:                             }
TestTerraformConfluentPlatformExample 2022-07-27T23:37:57Z logger.go:66:                           - nodePort                  = {
TestTerraformConfluentPlatformExample 2022-07-27T23:37:57Z logger.go:66:                               - advertisedURL         = {
TestTerraformConfluentPlatformExample 2022-07-27T23:37:57Z logger.go:66:                                   - enabled = null
TestTerraformConfluentPlatformExample 2022-07-27T23:37:57Z logger.go:66:                                   - prefix  = null
TestTerraformConfluentPlatformExample 2022-07-27T23:37:57Z logger.go:66:                                 }
TestTerraformConfluentPlatformExample 2022-07-27T23:37:57Z logger.go:66:                               - annotations           = null
TestTerraformConfluentPlatformExample 2022-07-27T23:37:57Z logger.go:66:                               - externalTrafficPolicy = null
TestTerraformConfluentPlatformExample 2022-07-27T23:37:57Z logger.go:66:                               - host                  = null
TestTerraformConfluentPlatformExample 2022-07-27T23:37:57Z logger.go:66:                               - labels                = null
TestTerraformConfluentPlatformExample 2022-07-27T23:37:57Z logger.go:66:                               - nodePortOffset        = null
TestTerraformConfluentPlatformExample 2022-07-27T23:37:57Z logger.go:66:                               - servicePorts          = null
TestTerraformConfluentPlatformExample 2022-07-27T23:37:57Z logger.go:66:                               - sessionAffinity       = null
TestTerraformConfluentPlatformExample 2022-07-27T23:37:57Z logger.go:66:                               - sessionAffinityConfig = {
TestTerraformConfluentPlatformExample 2022-07-27T23:37:57Z logger.go:66:                                   - clientIP = {
TestTerraformConfluentPlatformExample 2022-07-27T23:37:57Z logger.go:66:                                       - timeoutSeconds = null
TestTerraformConfluentPlatformExample 2022-07-27T23:37:57Z logger.go:66:                                     }
TestTerraformConfluentPlatformExample 2022-07-27T23:37:57Z logger.go:66:                                 }
TestTerraformConfluentPlatformExample 2022-07-27T23:37:57Z logger.go:66:                             }
TestTerraformConfluentPlatformExample 2022-07-27T23:37:57Z logger.go:66:                           - route                     = {
TestTerraformConfluentPlatformExample 2022-07-27T23:37:57Z logger.go:66:                               - annotations     = null
TestTerraformConfluentPlatformExample 2022-07-27T23:37:57Z logger.go:66:                               - bootstrapPrefix = null
TestTerraformConfluentPlatformExample 2022-07-27T23:37:57Z logger.go:66:                               - brokerPrefix    = null
TestTerraformConfluentPlatformExample 2022-07-27T23:37:57Z logger.go:66:                               - domain          = null
TestTerraformConfluentPlatformExample 2022-07-27T23:37:57Z logger.go:66:                               - labels          = null
TestTerraformConfluentPlatformExample 2022-07-27T23:37:57Z logger.go:66:                               - wildcardPolicy  = null
TestTerraformConfluentPlatformExample 2022-07-27T23:37:57Z logger.go:66:                             }
TestTerraformConfluentPlatformExample 2022-07-27T23:37:57Z logger.go:66:                           - staticForHostBasedRouting = {
TestTerraformConfluentPlatformExample 2022-07-27T23:37:57Z logger.go:66:                               - brokerPrefix = null
TestTerraformConfluentPlatformExample 2022-07-27T23:37:57Z logger.go:66:                               - domain       = null
TestTerraformConfluentPlatformExample 2022-07-27T23:37:57Z logger.go:66:                               - port         = null
TestTerraformConfluentPlatformExample 2022-07-27T23:37:57Z logger.go:66:                             }
TestTerraformConfluentPlatformExample 2022-07-27T23:37:57Z logger.go:66:                           - staticForPortBasedRouting = {
TestTerraformConfluentPlatformExample 2022-07-27T23:37:57Z logger.go:66:                               - host       = null
TestTerraformConfluentPlatformExample 2022-07-27T23:37:57Z logger.go:66:                               - portOffset = null
TestTerraformConfluentPlatformExample 2022-07-27T23:37:57Z logger.go:66:                             }
TestTerraformConfluentPlatformExample 2022-07-27T23:37:57Z logger.go:66:                           - type                      = null
TestTerraformConfluentPlatformExample 2022-07-27T23:37:57Z logger.go:66:                         }
TestTerraformConfluentPlatformExample 2022-07-27T23:37:57Z logger.go:66:                       - tls            = {
TestTerraformConfluentPlatformExample 2022-07-27T23:37:57Z logger.go:66:                           - directoryPathInContainer = null
TestTerraformConfluentPlatformExample 2022-07-27T23:37:57Z logger.go:66:                           - enabled                  = null
TestTerraformConfluentPlatformExample 2022-07-27T23:37:57Z logger.go:66:                           - ignoreTrustStoreConfig   = null
TestTerraformConfluentPlatformExample 2022-07-27T23:37:57Z logger.go:66:                           - jksPassword              = {
TestTerraformConfluentPlatformExample 2022-07-27T23:37:57Z logger.go:66:                               - secretRef = null
TestTerraformConfluentPlatformExample 2022-07-27T23:37:57Z logger.go:66:                             }
TestTerraformConfluentPlatformExample 2022-07-27T23:37:57Z logger.go:66:                           - secretRef                = null
TestTerraformConfluentPlatformExample 2022-07-27T23:37:57Z logger.go:66:                         }
TestTerraformConfluentPlatformExample 2022-07-27T23:37:57Z logger.go:66:                     }
TestTerraformConfluentPlatformExample 2022-07-27T23:37:57Z logger.go:66:                   - internal = {
TestTerraformConfluentPlatformExample 2022-07-27T23:37:57Z logger.go:66:                       - authentication = {
TestTerraformConfluentPlatformExample 2022-07-27T23:37:57Z logger.go:66:                           - jaasConfig            = {
TestTerraformConfluentPlatformExample 2022-07-27T23:37:57Z logger.go:66:                               - secretRef = null
TestTerraformConfluentPlatformExample 2022-07-27T23:37:57Z logger.go:66:                             }
TestTerraformConfluentPlatformExample 2022-07-27T23:37:57Z logger.go:66:                           - jaasConfigPassThrough = {
TestTerraformConfluentPlatformExample 2022-07-27T23:37:57Z logger.go:66:                               - directoryPathInContainer = null
TestTerraformConfluentPlatformExample 2022-07-27T23:37:57Z logger.go:66:                               - secretRef                = null
TestTerraformConfluentPlatformExample 2022-07-27T23:37:57Z logger.go:66:                             }
TestTerraformConfluentPlatformExample 2022-07-27T23:37:57Z logger.go:66:                           - principalMappingRules = null
TestTerraformConfluentPlatformExample 2022-07-27T23:37:57Z logger.go:66:                           - type                  = null
TestTerraformConfluentPlatformExample 2022-07-27T23:37:57Z logger.go:66:                         }
TestTerraformConfluentPlatformExample 2022-07-27T23:37:57Z logger.go:66:                       - tls            = {
TestTerraformConfluentPlatformExample 2022-07-27T23:37:57Z logger.go:66:                           - directoryPathInContainer = null
TestTerraformConfluentPlatformExample 2022-07-27T23:37:57Z logger.go:66:                           - enabled                  = null
TestTerraformConfluentPlatformExample 2022-07-27T23:37:57Z logger.go:66:                           - ignoreTrustStoreConfig   = null
TestTerraformConfluentPlatformExample 2022-07-27T23:37:57Z logger.go:66:                           - jksPassword              = {
TestTerraformConfluentPlatformExample 2022-07-27T23:37:57Z logger.go:66:                               - secretRef = null
TestTerraformConfluentPlatformExample 2022-07-27T23:37:57Z logger.go:66:                             }
TestTerraformConfluentPlatformExample 2022-07-27T23:37:57Z logger.go:66:                           - secretRef                = null
TestTerraformConfluentPlatformExample 2022-07-27T23:37:57Z logger.go:66:                         }
TestTerraformConfluentPlatformExample 2022-07-27T23:37:57Z logger.go:66:                     }
TestTerraformConfluentPlatformExample 2022-07-27T23:37:57Z logger.go:66:                 }
TestTerraformConfluentPlatformExample 2022-07-27T23:37:57Z logger.go:66:               - metricReporter     = {
TestTerraformConfluentPlatformExample 2022-07-27T23:37:57Z logger.go:66:                   - authentication    = {
TestTerraformConfluentPlatformExample 2022-07-27T23:37:57Z logger.go:66:                       - jaasConfig            = {
TestTerraformConfluentPlatformExample 2022-07-27T23:37:57Z logger.go:66:                           - secretRef = null
TestTerraformConfluentPlatformExample 2022-07-27T23:37:57Z logger.go:66:                         }
TestTerraformConfluentPlatformExample 2022-07-27T23:37:57Z logger.go:66:                       - jaasConfigPassThrough = {
TestTerraformConfluentPlatformExample 2022-07-27T23:37:57Z logger.go:66:                           - directoryPathInContainer = null
TestTerraformConfluentPlatformExample 2022-07-27T23:37:57Z logger.go:66:                           - secretRef                = null
TestTerraformConfluentPlatformExample 2022-07-27T23:37:57Z logger.go:66:                         }
TestTerraformConfluentPlatformExample 2022-07-27T23:37:57Z logger.go:66:                       - oauthbearer           = {
TestTerraformConfluentPlatformExample 2022-07-27T23:37:57Z logger.go:66:                           - directoryPathInContainer = null
TestTerraformConfluentPlatformExample 2022-07-27T23:37:57Z logger.go:66:                           - secretRef                = null
TestTerraformConfluentPlatformExample 2022-07-27T23:37:57Z logger.go:66:                         }
TestTerraformConfluentPlatformExample 2022-07-27T23:37:57Z logger.go:66:                       - type                  = null
TestTerraformConfluentPlatformExample 2022-07-27T23:37:57Z logger.go:66:                     }
TestTerraformConfluentPlatformExample 2022-07-27T23:37:57Z logger.go:66:                   - bootstrapEndpoint = null
TestTerraformConfluentPlatformExample 2022-07-27T23:37:57Z logger.go:66:                   - enabled           = true
TestTerraformConfluentPlatformExample 2022-07-27T23:37:57Z logger.go:66:                   - replicationFactor = null
TestTerraformConfluentPlatformExample 2022-07-27T23:37:57Z logger.go:66:                   - tls               = {
TestTerraformConfluentPlatformExample 2022-07-27T23:37:57Z logger.go:66:                       - directoryPathInContainer = null
TestTerraformConfluentPlatformExample 2022-07-27T23:37:57Z logger.go:66:                       - enabled                  = null
TestTerraformConfluentPlatformExample 2022-07-27T23:37:57Z logger.go:66:                       - ignoreTrustStoreConfig   = null
TestTerraformConfluentPlatformExample 2022-07-27T23:37:57Z logger.go:66:                       - jksPassword              = {
TestTerraformConfluentPlatformExample 2022-07-27T23:37:57Z logger.go:66:                           - secretRef = null
TestTerraformConfluentPlatformExample 2022-07-27T23:37:57Z logger.go:66:                         }
TestTerraformConfluentPlatformExample 2022-07-27T23:37:57Z logger.go:66:                       - secretRef                = null
TestTerraformConfluentPlatformExample 2022-07-27T23:37:57Z logger.go:66:                     }
TestTerraformConfluentPlatformExample 2022-07-27T23:37:57Z logger.go:66:                 }
TestTerraformConfluentPlatformExample 2022-07-27T23:37:57Z logger.go:66:               - metrics            = {
TestTerraformConfluentPlatformExample 2022-07-27T23:37:57Z logger.go:66:                   - authentication = {
TestTerraformConfluentPlatformExample 2022-07-27T23:37:57Z logger.go:66:                       - type = null
TestTerraformConfluentPlatformExample 2022-07-27T23:37:57Z logger.go:66:                     }
TestTerraformConfluentPlatformExample 2022-07-27T23:37:57Z logger.go:66:                   - prometheus     = {
TestTerraformConfluentPlatformExample 2022-07-27T23:37:57Z logger.go:66:                       - blacklist = null
TestTerraformConfluentPlatformExample 2022-07-27T23:37:57Z logger.go:66:                       - rules     = null
TestTerraformConfluentPlatformExample 2022-07-27T23:37:57Z logger.go:66:                       - whitelist = null
TestTerraformConfluentPlatformExample 2022-07-27T23:37:57Z logger.go:66:                     }
TestTerraformConfluentPlatformExample 2022-07-27T23:37:57Z logger.go:66:                   - tls            = {
TestTerraformConfluentPlatformExample 2022-07-27T23:37:57Z logger.go:66:                       - directoryPathInContainer = null
TestTerraformConfluentPlatformExample 2022-07-27T23:37:57Z logger.go:66:                       - enabled                  = null
TestTerraformConfluentPlatformExample 2022-07-27T23:37:57Z logger.go:66:                       - ignoreTrustStoreConfig   = null
TestTerraformConfluentPlatformExample 2022-07-27T23:37:57Z logger.go:66:                       - jksPassword              = {
TestTerraformConfluentPlatformExample 2022-07-27T23:37:57Z logger.go:66:                           - secretRef = null
TestTerraformConfluentPlatformExample 2022-07-27T23:37:57Z logger.go:66:                         }
TestTerraformConfluentPlatformExample 2022-07-27T23:37:57Z logger.go:66:                       - secretRef                = null
TestTerraformConfluentPlatformExample 2022-07-27T23:37:57Z logger.go:66:                     }
TestTerraformConfluentPlatformExample 2022-07-27T23:37:57Z logger.go:66:                 }
TestTerraformConfluentPlatformExample 2022-07-27T23:37:57Z logger.go:66:               - mountedSecrets     = null
TestTerraformConfluentPlatformExample 2022-07-27T23:37:57Z logger.go:66:               - mountedVolumes     = {
TestTerraformConfluentPlatformExample 2022-07-27T23:37:57Z logger.go:66:                   - volumeMounts = null
TestTerraformConfluentPlatformExample 2022-07-27T23:37:57Z logger.go:66:                   - volumes      = null
TestTerraformConfluentPlatformExample 2022-07-27T23:37:57Z logger.go:66:                 }
TestTerraformConfluentPlatformExample 2022-07-27T23:37:57Z logger.go:66:               - oneReplicaPerNode  = null
TestTerraformConfluentPlatformExample 2022-07-27T23:37:57Z logger.go:66:               - passwordEncoder    = {
TestTerraformConfluentPlatformExample 2022-07-27T23:37:57Z logger.go:66:                   - directoryPathInContainer = null
TestTerraformConfluentPlatformExample 2022-07-27T23:37:57Z logger.go:66:                   - secretRef                = null
TestTerraformConfluentPlatformExample 2022-07-27T23:37:57Z logger.go:66:                 }
TestTerraformConfluentPlatformExample 2022-07-27T23:37:57Z logger.go:66:               - podTemplate        = {
TestTerraformConfluentPlatformExample 2022-07-27T23:37:57Z logger.go:66:                   - affinity                      = {
TestTerraformConfluentPlatformExample 2022-07-27T23:37:57Z logger.go:66:                       - nodeAffinity    = {
TestTerraformConfluentPlatformExample 2022-07-27T23:37:57Z logger.go:66:                           - preferredDuringSchedulingIgnoredDuringExecution = null
TestTerraformConfluentPlatformExample 2022-07-27T23:37:57Z logger.go:66:                           - requiredDuringSchedulingIgnoredDuringExecution  = {
TestTerraformConfluentPlatformExample 2022-07-27T23:37:57Z logger.go:66:                               - nodeSelectorTerms = null
TestTerraformConfluentPlatformExample 2022-07-27T23:37:57Z logger.go:66:                             }
TestTerraformConfluentPlatformExample 2022-07-27T23:37:57Z logger.go:66:                         }
TestTerraformConfluentPlatformExample 2022-07-27T23:37:57Z logger.go:66:                       - podAffinity     = {
TestTerraformConfluentPlatformExample 2022-07-27T23:37:57Z logger.go:66:                           - preferredDuringSchedulingIgnoredDuringExecution = null
TestTerraformConfluentPlatformExample 2022-07-27T23:37:57Z logger.go:66:                           - requiredDuringSchedulingIgnoredDuringExecution  = null
TestTerraformConfluentPlatformExample 2022-07-27T23:37:57Z logger.go:66:                         }
TestTerraformConfluentPlatformExample 2022-07-27T23:37:57Z logger.go:66:                       - podAntiAffinity = {
TestTerraformConfluentPlatformExample 2022-07-27T23:37:57Z logger.go:66:                           - preferredDuringSchedulingIgnoredDuringExecution = null
TestTerraformConfluentPlatformExample 2022-07-27T23:37:57Z logger.go:66:                           - requiredDuringSchedulingIgnoredDuringExecution  = null
TestTerraformConfluentPlatformExample 2022-07-27T23:37:57Z logger.go:66:                         }
TestTerraformConfluentPlatformExample 2022-07-27T23:37:57Z logger.go:66:                     }
TestTerraformConfluentPlatformExample 2022-07-27T23:37:57Z logger.go:66:                   - annotations                   = null
TestTerraformConfluentPlatformExample 2022-07-27T23:37:57Z logger.go:66:                   - envVars                       = null
TestTerraformConfluentPlatformExample 2022-07-27T23:37:57Z logger.go:66:                   - labels                        = null
TestTerraformConfluentPlatformExample 2022-07-27T23:37:57Z logger.go:66:                   - podSecurityContext            = {
TestTerraformConfluentPlatformExample 2022-07-27T23:37:57Z logger.go:66:                       - fsGroup             = null
TestTerraformConfluentPlatformExample 2022-07-27T23:37:57Z logger.go:66:                       - fsGroupChangePolicy = null
TestTerraformConfluentPlatformExample 2022-07-27T23:37:57Z logger.go:66:                       - runAsGroup          = null
TestTerraformConfluentPlatformExample 2022-07-27T23:37:57Z logger.go:66:                       - runAsNonRoot        = null
TestTerraformConfluentPlatformExample 2022-07-27T23:37:57Z logger.go:66:                       - runAsUser           = null
TestTerraformConfluentPlatformExample 2022-07-27T23:37:57Z logger.go:66:                       - seLinuxOptions      = {
TestTerraformConfluentPlatformExample 2022-07-27T23:37:57Z logger.go:66:                           - level = null
TestTerraformConfluentPlatformExample 2022-07-27T23:37:57Z logger.go:66:                           - role  = null
TestTerraformConfluentPlatformExample 2022-07-27T23:37:57Z logger.go:66:                           - type  = null
TestTerraformConfluentPlatformExample 2022-07-27T23:37:57Z logger.go:66:                           - user  = null
TestTerraformConfluentPlatformExample 2022-07-27T23:37:57Z logger.go:66:                         }
TestTerraformConfluentPlatformExample 2022-07-27T23:37:57Z logger.go:66:                       - seccompProfile      = {
TestTerraformConfluentPlatformExample 2022-07-27T23:37:57Z logger.go:66:                           - localhostProfile = null
TestTerraformConfluentPlatformExample 2022-07-27T23:37:57Z logger.go:66:                           - type             = null
TestTerraformConfluentPlatformExample 2022-07-27T23:37:57Z logger.go:66:                         }
TestTerraformConfluentPlatformExample 2022-07-27T23:37:57Z logger.go:66:                       - supplementalGroups  = null
TestTerraformConfluentPlatformExample 2022-07-27T23:37:57Z logger.go:66:                       - sysctls             = null
TestTerraformConfluentPlatformExample 2022-07-27T23:37:57Z logger.go:66:                       - windowsOptions      = {
TestTerraformConfluentPlatformExample 2022-07-27T23:37:57Z logger.go:66:                           - gmsaCredentialSpec     = null
TestTerraformConfluentPlatformExample 2022-07-27T23:37:57Z logger.go:66:                           - gmsaCredentialSpecName = null
TestTerraformConfluentPlatformExample 2022-07-27T23:37:57Z logger.go:66:                           - hostProcess            = null
TestTerraformConfluentPlatformExample 2022-07-27T23:37:57Z logger.go:66:                           - runAsUserName          = null
TestTerraformConfluentPlatformExample 2022-07-27T23:37:57Z logger.go:66:                         }
TestTerraformConfluentPlatformExample 2022-07-27T23:37:57Z logger.go:66:                     }
TestTerraformConfluentPlatformExample 2022-07-27T23:37:57Z logger.go:66:                   - priorityClassName             = null
TestTerraformConfluentPlatformExample 2022-07-27T23:37:57Z logger.go:66:                   - probe                         = {
TestTerraformConfluentPlatformExample 2022-07-27T23:37:57Z logger.go:66:                       - liveness  = {
TestTerraformConfluentPlatformExample 2022-07-27T23:37:57Z logger.go:66:                           - failureThreshold    = null
TestTerraformConfluentPlatformExample 2022-07-27T23:37:57Z logger.go:66:                           - initialDelaySeconds = null
TestTerraformConfluentPlatformExample 2022-07-27T23:37:57Z logger.go:66:                           - periodSeconds       = null
TestTerraformConfluentPlatformExample 2022-07-27T23:37:57Z logger.go:66:                           - successThreshold    = null
TestTerraformConfluentPlatformExample 2022-07-27T23:37:57Z logger.go:66:                           - timeoutSeconds      = null
TestTerraformConfluentPlatformExample 2022-07-27T23:37:57Z logger.go:66:                         }
TestTerraformConfluentPlatformExample 2022-07-27T23:37:57Z logger.go:66:                       - readiness = {
TestTerraformConfluentPlatformExample 2022-07-27T23:37:57Z logger.go:66:                           - failureThreshold    = null
TestTerraformConfluentPlatformExample 2022-07-27T23:37:57Z logger.go:66:                           - initialDelaySeconds = null
TestTerraformConfluentPlatformExample 2022-07-27T23:37:57Z logger.go:66:                           - periodSeconds       = null
TestTerraformConfluentPlatformExample 2022-07-27T23:37:57Z logger.go:66:                           - successThreshold    = null
TestTerraformConfluentPlatformExample 2022-07-27T23:37:57Z logger.go:66:                           - timeoutSeconds      = null
TestTerraformConfluentPlatformExample 2022-07-27T23:37:57Z logger.go:66:                         }
TestTerraformConfluentPlatformExample 2022-07-27T23:37:57Z logger.go:66:                     }
TestTerraformConfluentPlatformExample 2022-07-27T23:37:57Z logger.go:66:                   - resources                     = {
TestTerraformConfluentPlatformExample 2022-07-27T23:37:57Z logger.go:66:                       - limits   = null
TestTerraformConfluentPlatformExample 2022-07-27T23:37:57Z logger.go:66:                       - requests = null
TestTerraformConfluentPlatformExample 2022-07-27T23:37:57Z logger.go:66:                     }
TestTerraformConfluentPlatformExample 2022-07-27T23:37:57Z logger.go:66:                   - securityContext               = {
TestTerraformConfluentPlatformExample 2022-07-27T23:37:57Z logger.go:66:                       - allowPrivilegeEscalation = null
TestTerraformConfluentPlatformExample 2022-07-27T23:37:57Z logger.go:66:                       - capabilities             = {
TestTerraformConfluentPlatformExample 2022-07-27T23:37:57Z logger.go:66:                           - add  = null
TestTerraformConfluentPlatformExample 2022-07-27T23:37:57Z logger.go:66:                           - drop = null
TestTerraformConfluentPlatformExample 2022-07-27T23:37:57Z logger.go:66:                         }
TestTerraformConfluentPlatformExample 2022-07-27T23:37:57Z logger.go:66:                       - privileged               = null
TestTerraformConfluentPlatformExample 2022-07-27T23:37:57Z logger.go:66:                       - procMount                = null
TestTerraformConfluentPlatformExample 2022-07-27T23:37:57Z logger.go:66:                       - readOnlyRootFilesystem   = null
TestTerraformConfluentPlatformExample 2022-07-27T23:37:57Z logger.go:66:                       - runAsGroup               = null
TestTerraformConfluentPlatformExample 2022-07-27T23:37:57Z logger.go:66:                       - runAsNonRoot             = null
TestTerraformConfluentPlatformExample 2022-07-27T23:37:57Z logger.go:66:                       - runAsUser                = null
TestTerraformConfluentPlatformExample 2022-07-27T23:37:57Z logger.go:66:                       - seLinuxOptions           = {
TestTerraformConfluentPlatformExample 2022-07-27T23:37:57Z logger.go:66:                           - level = null
TestTerraformConfluentPlatformExample 2022-07-27T23:37:57Z logger.go:66:                           - role  = null
TestTerraformConfluentPlatformExample 2022-07-27T23:37:57Z logger.go:66:                           - type  = null
TestTerraformConfluentPlatformExample 2022-07-27T23:37:57Z logger.go:66:                           - user  = null
TestTerraformConfluentPlatformExample 2022-07-27T23:37:57Z logger.go:66:                         }
TestTerraformConfluentPlatformExample 2022-07-27T23:37:57Z logger.go:66:                       - seccompProfile           = {
TestTerraformConfluentPlatformExample 2022-07-27T23:37:57Z logger.go:66:                           - localhostProfile = null
TestTerraformConfluentPlatformExample 2022-07-27T23:37:57Z logger.go:66:                           - type             = null
TestTerraformConfluentPlatformExample 2022-07-27T23:37:57Z logger.go:66:                         }
TestTerraformConfluentPlatformExample 2022-07-27T23:37:57Z logger.go:66:                       - windowsOptions           = {
TestTerraformConfluentPlatformExample 2022-07-27T23:37:57Z logger.go:66:                           - gmsaCredentialSpec     = null
TestTerraformConfluentPlatformExample 2022-07-27T23:37:57Z logger.go:66:                           - gmsaCredentialSpecName = null
TestTerraformConfluentPlatformExample 2022-07-27T23:37:57Z logger.go:66:                           - hostProcess            = null
TestTerraformConfluentPlatformExample 2022-07-27T23:37:57Z logger.go:66:                           - runAsUserName          = null
TestTerraformConfluentPlatformExample 2022-07-27T23:37:57Z logger.go:66:                         }
TestTerraformConfluentPlatformExample 2022-07-27T23:37:57Z logger.go:66:                     }
TestTerraformConfluentPlatformExample 2022-07-27T23:37:57Z logger.go:66:                   - serviceAccountName            = null
TestTerraformConfluentPlatformExample 2022-07-27T23:37:57Z logger.go:66:                   - terminationGracePeriodSeconds = null
TestTerraformConfluentPlatformExample 2022-07-27T23:37:57Z logger.go:66:                   - tolerations                   = null
TestTerraformConfluentPlatformExample 2022-07-27T23:37:57Z logger.go:66:                   - topologySpreadConstraints     = null
TestTerraformConfluentPlatformExample 2022-07-27T23:37:57Z logger.go:66:                 }
TestTerraformConfluentPlatformExample 2022-07-27T23:37:57Z logger.go:66:               - rackAssignment     = {
TestTerraformConfluentPlatformExample 2022-07-27T23:37:57Z logger.go:66:                   - availabilityZoneCount = null
TestTerraformConfluentPlatformExample 2022-07-27T23:37:57Z logger.go:66:                   - nodeLabels            = null
TestTerraformConfluentPlatformExample 2022-07-27T23:37:57Z logger.go:66:                 }
TestTerraformConfluentPlatformExample 2022-07-27T23:37:57Z logger.go:66:               - replicas           = 3
TestTerraformConfluentPlatformExample 2022-07-27T23:37:57Z logger.go:66:               - services           = {
TestTerraformConfluentPlatformExample 2022-07-27T23:37:57Z logger.go:66:                   - kafkaRest = {
TestTerraformConfluentPlatformExample 2022-07-27T23:37:57Z logger.go:66:                       - authentication = {
TestTerraformConfluentPlatformExample 2022-07-27T23:37:57Z logger.go:66:                           - basic = {
TestTerraformConfluentPlatformExample 2022-07-27T23:37:57Z logger.go:66:                               - debug                    = null
TestTerraformConfluentPlatformExample 2022-07-27T23:37:57Z logger.go:66:                               - directoryPathInContainer = null
TestTerraformConfluentPlatformExample 2022-07-27T23:37:57Z logger.go:66:                               - restrictedRoles          = null
TestTerraformConfluentPlatformExample 2022-07-27T23:37:57Z logger.go:66:                               - roles                    = null
TestTerraformConfluentPlatformExample 2022-07-27T23:37:57Z logger.go:66:                               - secretRef                = null
TestTerraformConfluentPlatformExample 2022-07-27T23:37:57Z logger.go:66:                             }
TestTerraformConfluentPlatformExample 2022-07-27T23:37:57Z logger.go:66:                           - type  = null
TestTerraformConfluentPlatformExample 2022-07-27T23:37:57Z logger.go:66:                         }
TestTerraformConfluentPlatformExample 2022-07-27T23:37:57Z logger.go:66:                       - externalAccess = {
TestTerraformConfluentPlatformExample 2022-07-27T23:37:57Z logger.go:66:                           - loadBalancer = {
TestTerraformConfluentPlatformExample 2022-07-27T23:37:57Z logger.go:66:                               - advertisedURL            = {
TestTerraformConfluentPlatformExample 2022-07-27T23:37:57Z logger.go:66:                                   - enabled = null
TestTerraformConfluentPlatformExample 2022-07-27T23:37:57Z logger.go:66:                                   - prefix  = null
TestTerraformConfluentPlatformExample 2022-07-27T23:37:57Z logger.go:66:                                 }
TestTerraformConfluentPlatformExample 2022-07-27T23:37:57Z logger.go:66:                               - annotations              = null
TestTerraformConfluentPlatformExample 2022-07-27T23:37:57Z logger.go:66:                               - domain                   = null
TestTerraformConfluentPlatformExample 2022-07-27T23:37:57Z logger.go:66:                               - externalTrafficPolicy    = null
TestTerraformConfluentPlatformExample 2022-07-27T23:37:57Z logger.go:66:                               - labels                   = null
TestTerraformConfluentPlatformExample 2022-07-27T23:37:57Z logger.go:66:                               - loadBalancerSourceRanges = null
TestTerraformConfluentPlatformExample 2022-07-27T23:37:57Z logger.go:66:                               - port                     = null
TestTerraformConfluentPlatformExample 2022-07-27T23:37:57Z logger.go:66:                               - prefix                   = null
TestTerraformConfluentPlatformExample 2022-07-27T23:37:57Z logger.go:66:                               - servicePorts             = null
TestTerraformConfluentPlatformExample 2022-07-27T23:37:57Z logger.go:66:                               - sessionAffinity          = null
TestTerraformConfluentPlatformExample 2022-07-27T23:37:57Z logger.go:66:                               - sessionAffinityConfig    = {
TestTerraformConfluentPlatformExample 2022-07-27T23:37:57Z logger.go:66:                                   - clientIP = {
TestTerraformConfluentPlatformExample 2022-07-27T23:37:57Z logger.go:66:                                       - timeoutSeconds = null
TestTerraformConfluentPlatformExample 2022-07-27T23:37:57Z logger.go:66:                                     }
TestTerraformConfluentPlatformExample 2022-07-27T23:37:57Z logger.go:66:                                 }
TestTerraformConfluentPlatformExample 2022-07-27T23:37:57Z logger.go:66:                             }
TestTerraformConfluentPlatformExample 2022-07-27T23:37:57Z logger.go:66:                           - nodePort     = {
TestTerraformConfluentPlatformExample 2022-07-27T23:37:57Z logger.go:66:                               - advertisedURL         = {
TestTerraformConfluentPlatformExample 2022-07-27T23:37:57Z logger.go:66:                                   - enabled = null
TestTerraformConfluentPlatformExample 2022-07-27T23:37:57Z logger.go:66:                                   - prefix  = null
TestTerraformConfluentPlatformExample 2022-07-27T23:37:57Z logger.go:66:                                 }
TestTerraformConfluentPlatformExample 2022-07-27T23:37:57Z logger.go:66:                               - annotations           = null
TestTerraformConfluentPlatformExample 2022-07-27T23:37:57Z logger.go:66:                               - externalTrafficPolicy = null
TestTerraformConfluentPlatformExample 2022-07-27T23:37:57Z logger.go:66:                               - host                  = null
TestTerraformConfluentPlatformExample 2022-07-27T23:37:57Z logger.go:66:                               - labels                = null
TestTerraformConfluentPlatformExample 2022-07-27T23:37:57Z logger.go:66:                               - nodePortOffset        = null
TestTerraformConfluentPlatformExample 2022-07-27T23:37:57Z logger.go:66:                               - servicePorts          = null
TestTerraformConfluentPlatformExample 2022-07-27T23:37:57Z logger.go:66:                               - sessionAffinity       = null
TestTerraformConfluentPlatformExample 2022-07-27T23:37:57Z logger.go:66:                               - sessionAffinityConfig = {
TestTerraformConfluentPlatformExample 2022-07-27T23:37:57Z logger.go:66:                                   - clientIP = {
TestTerraformConfluentPlatformExample 2022-07-27T23:37:57Z logger.go:66:                                       - timeoutSeconds = null
TestTerraformConfluentPlatformExample 2022-07-27T23:37:57Z logger.go:66:                                     }
TestTerraformConfluentPlatformExample 2022-07-27T23:37:57Z logger.go:66:                                 }
TestTerraformConfluentPlatformExample 2022-07-27T23:37:57Z logger.go:66:                             }
TestTerraformConfluentPlatformExample 2022-07-27T23:37:57Z logger.go:66:                           - route        = {
TestTerraformConfluentPlatformExample 2022-07-27T23:37:57Z logger.go:66:                               - annotations    = null
TestTerraformConfluentPlatformExample 2022-07-27T23:37:57Z logger.go:66:                               - domain         = null
TestTerraformConfluentPlatformExample 2022-07-27T23:37:57Z logger.go:66:                               - labels         = null
TestTerraformConfluentPlatformExample 2022-07-27T23:37:57Z logger.go:66:                               - prefix         = null
TestTerraformConfluentPlatformExample 2022-07-27T23:37:57Z logger.go:66:                               - wildcardPolicy = null
TestTerraformConfluentPlatformExample 2022-07-27T23:37:57Z logger.go:66:                             }
TestTerraformConfluentPlatformExample 2022-07-27T23:37:57Z logger.go:66:                           - type         = null
TestTerraformConfluentPlatformExample 2022-07-27T23:37:57Z logger.go:66:                         }
TestTerraformConfluentPlatformExample 2022-07-27T23:37:57Z logger.go:66:                       - tls            = {
TestTerraformConfluentPlatformExample 2022-07-27T23:37:57Z logger.go:66:                           - directoryPathInContainer = null
TestTerraformConfluentPlatformExample 2022-07-27T23:37:57Z logger.go:66:                           - enabled                  = null
TestTerraformConfluentPlatformExample 2022-07-27T23:37:57Z logger.go:66:                           - ignoreTrustStoreConfig   = null
TestTerraformConfluentPlatformExample 2022-07-27T23:37:57Z logger.go:66:                           - jksPassword              = {
TestTerraformConfluentPlatformExample 2022-07-27T23:37:57Z logger.go:66:                               - secretRef = null
TestTerraformConfluentPlatformExample 2022-07-27T23:37:57Z logger.go:66:                             }
TestTerraformConfluentPlatformExample 2022-07-27T23:37:57Z logger.go:66:                           - secretRef                = null
TestTerraformConfluentPlatformExample 2022-07-27T23:37:57Z logger.go:66:                         }
TestTerraformConfluentPlatformExample 2022-07-27T23:37:57Z logger.go:66:                     }
TestTerraformConfluentPlatformExample 2022-07-27T23:37:57Z logger.go:66:                   - mds       = {
TestTerraformConfluentPlatformExample 2022-07-27T23:37:57Z logger.go:66:                       - authentication = {
TestTerraformConfluentPlatformExample 2022-07-27T23:37:57Z logger.go:66:                           - type = null
TestTerraformConfluentPlatformExample 2022-07-27T23:37:57Z logger.go:66:                         }
TestTerraformConfluentPlatformExample 2022-07-27T23:37:57Z logger.go:66:                       - externalAccess = {
TestTerraformConfluentPlatformExample 2022-07-27T23:37:57Z logger.go:66:                           - loadBalancer = {
TestTerraformConfluentPlatformExample 2022-07-27T23:37:57Z logger.go:66:                               - advertisedURL            = {
TestTerraformConfluentPlatformExample 2022-07-27T23:37:57Z logger.go:66:                                   - enabled = null
TestTerraformConfluentPlatformExample 2022-07-27T23:37:57Z logger.go:66:                                   - prefix  = null
TestTerraformConfluentPlatformExample 2022-07-27T23:37:57Z logger.go:66:                                 }
TestTerraformConfluentPlatformExample 2022-07-27T23:37:57Z logger.go:66:                               - annotations              = null
TestTerraformConfluentPlatformExample 2022-07-27T23:37:57Z logger.go:66:                               - domain                   = null
TestTerraformConfluentPlatformExample 2022-07-27T23:37:57Z logger.go:66:                               - externalTrafficPolicy    = null
TestTerraformConfluentPlatformExample 2022-07-27T23:37:57Z logger.go:66:                               - labels                   = null
TestTerraformConfluentPlatformExample 2022-07-27T23:37:57Z logger.go:66:                               - loadBalancerSourceRanges = null
TestTerraformConfluentPlatformExample 2022-07-27T23:37:57Z logger.go:66:                               - port                     = null
TestTerraformConfluentPlatformExample 2022-07-27T23:37:57Z logger.go:66:                               - prefix                   = null
TestTerraformConfluentPlatformExample 2022-07-27T23:37:57Z logger.go:66:                               - servicePorts             = null
TestTerraformConfluentPlatformExample 2022-07-27T23:37:57Z logger.go:66:                               - sessionAffinity          = null
TestTerraformConfluentPlatformExample 2022-07-27T23:37:57Z logger.go:66:                               - sessionAffinityConfig    = {
TestTerraformConfluentPlatformExample 2022-07-27T23:37:57Z logger.go:66:                                   - clientIP = {
TestTerraformConfluentPlatformExample 2022-07-27T23:37:57Z logger.go:66:                                       - timeoutSeconds = null
TestTerraformConfluentPlatformExample 2022-07-27T23:37:57Z logger.go:66:                                     }
TestTerraformConfluentPlatformExample 2022-07-27T23:37:57Z logger.go:66:                                 }
TestTerraformConfluentPlatformExample 2022-07-27T23:37:57Z logger.go:66:                             }
TestTerraformConfluentPlatformExample 2022-07-27T23:37:57Z logger.go:66:                           - nodePort     = {
TestTerraformConfluentPlatformExample 2022-07-27T23:37:57Z logger.go:66:                               - advertisedURL         = {
TestTerraformConfluentPlatformExample 2022-07-27T23:37:57Z logger.go:66:                                   - enabled = null
TestTerraformConfluentPlatformExample 2022-07-27T23:37:57Z logger.go:66:                                   - prefix  = null
TestTerraformConfluentPlatformExample 2022-07-27T23:37:57Z logger.go:66:                                 }
TestTerraformConfluentPlatformExample 2022-07-27T23:37:57Z logger.go:66:                               - annotations           = null
TestTerraformConfluentPlatformExample 2022-07-27T23:37:57Z logger.go:66:                               - externalTrafficPolicy = null
TestTerraformConfluentPlatformExample 2022-07-27T23:37:57Z logger.go:66:                               - host                  = null
TestTerraformConfluentPlatformExample 2022-07-27T23:37:57Z logger.go:66:                               - labels                = null
TestTerraformConfluentPlatformExample 2022-07-27T23:37:57Z logger.go:66:                               - nodePortOffset        = null
TestTerraformConfluentPlatformExample 2022-07-27T23:37:57Z logger.go:66:                               - servicePorts          = null
TestTerraformConfluentPlatformExample 2022-07-27T23:37:57Z logger.go:66:                               - sessionAffinity       = null
TestTerraformConfluentPlatformExample 2022-07-27T23:37:57Z logger.go:66:                               - sessionAffinityConfig = {
TestTerraformConfluentPlatformExample 2022-07-27T23:37:57Z logger.go:66:                                   - clientIP = {
TestTerraformConfluentPlatformExample 2022-07-27T23:37:57Z logger.go:66:                                       - timeoutSeconds = null
TestTerraformConfluentPlatformExample 2022-07-27T23:37:57Z logger.go:66:                                     }
TestTerraformConfluentPlatformExample 2022-07-27T23:37:57Z logger.go:66:                                 }
TestTerraformConfluentPlatformExample 2022-07-27T23:37:57Z logger.go:66:                             }
TestTerraformConfluentPlatformExample 2022-07-27T23:37:57Z logger.go:66:                           - route        = {
TestTerraformConfluentPlatformExample 2022-07-27T23:37:57Z logger.go:66:                               - annotations    = null
TestTerraformConfluentPlatformExample 2022-07-27T23:37:57Z logger.go:66:                               - domain         = null
TestTerraformConfluentPlatformExample 2022-07-27T23:37:57Z logger.go:66:                               - labels         = null
TestTerraformConfluentPlatformExample 2022-07-27T23:37:57Z logger.go:66:                               - prefix         = null
TestTerraformConfluentPlatformExample 2022-07-27T23:37:57Z logger.go:66:                               - wildcardPolicy = null
TestTerraformConfluentPlatformExample 2022-07-27T23:37:57Z logger.go:66:                             }
TestTerraformConfluentPlatformExample 2022-07-27T23:37:57Z logger.go:66:                           - type         = null
TestTerraformConfluentPlatformExample 2022-07-27T23:37:57Z logger.go:66:                         }
TestTerraformConfluentPlatformExample 2022-07-27T23:37:57Z logger.go:66:                       - provider       = {
TestTerraformConfluentPlatformExample 2022-07-27T23:37:57Z logger.go:66:                           - ldap = {
TestTerraformConfluentPlatformExample 2022-07-27T23:37:57Z logger.go:66:                               - address        = null
TestTerraformConfluentPlatformExample 2022-07-27T23:37:57Z logger.go:66:                               - authentication = {
TestTerraformConfluentPlatformExample 2022-07-27T23:37:57Z logger.go:66:                                   - simple = {
TestTerraformConfluentPlatformExample 2022-07-27T23:37:57Z logger.go:66:                                       - directoryPathInContainer = null
TestTerraformConfluentPlatformExample 2022-07-27T23:37:57Z logger.go:66:                                       - secretRef                = null
TestTerraformConfluentPlatformExample 2022-07-27T23:37:57Z logger.go:66:                                     }
TestTerraformConfluentPlatformExample 2022-07-27T23:37:57Z logger.go:66:                                   - type   = null
TestTerraformConfluentPlatformExample 2022-07-27T23:37:57Z logger.go:66:                                 }
TestTerraformConfluentPlatformExample 2022-07-27T23:37:57Z logger.go:66:                               - configurations = {
TestTerraformConfluentPlatformExample 2022-07-27T23:37:57Z logger.go:66:                                   - groupMemberAttribute         = null
TestTerraformConfluentPlatformExample 2022-07-27T23:37:57Z logger.go:66:                                   - groupMemberAttributePattern  = null
TestTerraformConfluentPlatformExample 2022-07-27T23:37:57Z logger.go:66:                                   - groupNameAttribute           = null
TestTerraformConfluentPlatformExample 2022-07-27T23:37:57Z logger.go:66:                                   - groupObjectClass             = null
TestTerraformConfluentPlatformExample 2022-07-27T23:37:57Z logger.go:66:                                   - groupSearchBase              = null
TestTerraformConfluentPlatformExample 2022-07-27T23:37:57Z logger.go:66:                                   - groupSearchFilter            = null
TestTerraformConfluentPlatformExample 2022-07-27T23:37:57Z logger.go:66:                                   - groupSearchScope             = null
TestTerraformConfluentPlatformExample 2022-07-27T23:37:57Z logger.go:66:                                   - userMemberOfAttributePattern = null
TestTerraformConfluentPlatformExample 2022-07-27T23:37:57Z logger.go:66:                                   - userNameAttribute            = null
TestTerraformConfluentPlatformExample 2022-07-27T23:37:57Z logger.go:66:                                   - userObjectClass              = null
TestTerraformConfluentPlatformExample 2022-07-27T23:37:57Z logger.go:66:                                   - userSearchBase               = null
TestTerraformConfluentPlatformExample 2022-07-27T23:37:57Z logger.go:66:                                   - userSearchFilter             = null
TestTerraformConfluentPlatformExample 2022-07-27T23:37:57Z logger.go:66:                                   - userSearchScope              = null
TestTerraformConfluentPlatformExample 2022-07-27T23:37:57Z logger.go:66:                                 }
TestTerraformConfluentPlatformExample 2022-07-27T23:37:57Z logger.go:66:                               - tls            = {
TestTerraformConfluentPlatformExample 2022-07-27T23:37:57Z logger.go:66:                                   - directoryPathInContainer = null
TestTerraformConfluentPlatformExample 2022-07-27T23:37:57Z logger.go:66:                                   - enabled                  = null
TestTerraformConfluentPlatformExample 2022-07-27T23:37:57Z logger.go:66:                                   - ignoreTrustStoreConfig   = null
TestTerraformConfluentPlatformExample 2022-07-27T23:37:57Z logger.go:66:                                   - jksPassword              = {
TestTerraformConfluentPlatformExample 2022-07-27T23:37:57Z logger.go:66:                                       - secretRef = null
TestTerraformConfluentPlatformExample 2022-07-27T23:37:57Z logger.go:66:                                     }
TestTerraformConfluentPlatformExample 2022-07-27T23:37:57Z logger.go:66:                                   - secretRef                = null
TestTerraformConfluentPlatformExample 2022-07-27T23:37:57Z logger.go:66:                                 }
TestTerraformConfluentPlatformExample 2022-07-27T23:37:57Z logger.go:66:                             }
TestTerraformConfluentPlatformExample 2022-07-27T23:37:57Z logger.go:66:                           - type = null
TestTerraformConfluentPlatformExample 2022-07-27T23:37:57Z logger.go:66:                         }
TestTerraformConfluentPlatformExample 2022-07-27T23:37:57Z logger.go:66:                       - tls            = {
TestTerraformConfluentPlatformExample 2022-07-27T23:37:57Z logger.go:66:                           - directoryPathInContainer = null
TestTerraformConfluentPlatformExample 2022-07-27T23:37:57Z logger.go:66:                           - enabled                  = null
TestTerraformConfluentPlatformExample 2022-07-27T23:37:57Z logger.go:66:                           - ignoreTrustStoreConfig   = null
TestTerraformConfluentPlatformExample 2022-07-27T23:37:57Z logger.go:66:                           - jksPassword              = {
TestTerraformConfluentPlatformExample 2022-07-27T23:37:57Z logger.go:66:                               - secretRef = null
TestTerraformConfluentPlatformExample 2022-07-27T23:37:57Z logger.go:66:                             }
TestTerraformConfluentPlatformExample 2022-07-27T23:37:57Z logger.go:66:                           - secretRef                = null
TestTerraformConfluentPlatformExample 2022-07-27T23:37:57Z logger.go:66:                         }
TestTerraformConfluentPlatformExample 2022-07-27T23:37:57Z logger.go:66:                       - tokenKeyPair   = {
TestTerraformConfluentPlatformExample 2022-07-27T23:37:57Z logger.go:66:                           - directoryPathInContainer = null
TestTerraformConfluentPlatformExample 2022-07-27T23:37:57Z logger.go:66:                           - secretRef                = null
TestTerraformConfluentPlatformExample 2022-07-27T23:37:57Z logger.go:66:                         }
TestTerraformConfluentPlatformExample 2022-07-27T23:37:57Z logger.go:66:                     }
TestTerraformConfluentPlatformExample 2022-07-27T23:37:57Z logger.go:66:                 }
TestTerraformConfluentPlatformExample 2022-07-27T23:37:57Z logger.go:66:               - storageClass       = {
TestTerraformConfluentPlatformExample 2022-07-27T23:37:57Z logger.go:66:                   - name = null
TestTerraformConfluentPlatformExample 2022-07-27T23:37:57Z logger.go:66:                 }
TestTerraformConfluentPlatformExample 2022-07-27T23:37:57Z logger.go:66:               - telemetry          = {
TestTerraformConfluentPlatformExample 2022-07-27T23:37:57Z logger.go:66:                   - global = null
TestTerraformConfluentPlatformExample 2022-07-27T23:37:57Z logger.go:66:                 }
TestTerraformConfluentPlatformExample 2022-07-27T23:37:57Z logger.go:66:               - tls                = {
TestTerraformConfluentPlatformExample 2022-07-27T23:37:57Z logger.go:66:                   - autoGeneratedCerts       = null
TestTerraformConfluentPlatformExample 2022-07-27T23:37:57Z logger.go:66:                   - directoryPathInContainer = null
TestTerraformConfluentPlatformExample 2022-07-27T23:37:57Z logger.go:66:                   - ignoreTrustStoreConfig   = null
TestTerraformConfluentPlatformExample 2022-07-27T23:37:57Z logger.go:66:                   - jksPassword              = {
TestTerraformConfluentPlatformExample 2022-07-27T23:37:57Z logger.go:66:                       - secretRef = null
TestTerraformConfluentPlatformExample 2022-07-27T23:37:57Z logger.go:66:                     }
TestTerraformConfluentPlatformExample 2022-07-27T23:37:57Z logger.go:66:                   - secretRef                = null
TestTerraformConfluentPlatformExample 2022-07-27T23:37:57Z logger.go:66:                 }
TestTerraformConfluentPlatformExample 2022-07-27T23:37:57Z logger.go:66:             }
TestTerraformConfluentPlatformExample 2022-07-27T23:37:57Z logger.go:66:         } -> null
TestTerraformConfluentPlatformExample 2022-07-27T23:37:57Z logger.go:66:
TestTerraformConfluentPlatformExample 2022-07-27T23:37:57Z logger.go:66:       - timeouts {
TestTerraformConfluentPlatformExample 2022-07-27T23:37:57Z logger.go:66:           - create = "1h" -> null
TestTerraformConfluentPlatformExample 2022-07-27T23:37:57Z logger.go:66:           - delete = "5m" -> null
TestTerraformConfluentPlatformExample 2022-07-27T23:37:57Z logger.go:66:           - update = "1h" -> null
TestTerraformConfluentPlatformExample 2022-07-27T23:37:57Z logger.go:66:         }
TestTerraformConfluentPlatformExample 2022-07-27T23:37:57Z logger.go:66:
TestTerraformConfluentPlatformExample 2022-07-27T23:37:57Z logger.go:66:       - wait {
TestTerraformConfluentPlatformExample 2022-07-27T23:37:57Z logger.go:66:           - fields = {
TestTerraformConfluentPlatformExample 2022-07-27T23:37:57Z logger.go:66:               - "status.phase" = "RUNNING"
TestTerraformConfluentPlatformExample 2022-07-27T23:37:57Z logger.go:66:             } -> null
TestTerraformConfluentPlatformExample 2022-07-27T23:37:57Z logger.go:66:         }
TestTerraformConfluentPlatformExample 2022-07-27T23:37:57Z logger.go:66:     }
TestTerraformConfluentPlatformExample 2022-07-27T23:37:57Z logger.go:66:
TestTerraformConfluentPlatformExample 2022-07-27T23:37:57Z logger.go:66:   # module.confluent_platform.kubernetes_manifest.kafkarestproxy[0] will be destroyed
TestTerraformConfluentPlatformExample 2022-07-27T23:37:57Z logger.go:66:   - resource "kubernetes_manifest" "kafkarestproxy" {
TestTerraformConfluentPlatformExample 2022-07-27T23:37:57Z logger.go:66:       - computed_fields = [
TestTerraformConfluentPlatformExample 2022-07-27T23:37:57Z logger.go:66:           - "metadata.finalizers",
TestTerraformConfluentPlatformExample 2022-07-27T23:37:57Z logger.go:66:         ] -> null
TestTerraformConfluentPlatformExample 2022-07-27T23:37:57Z logger.go:66:       - manifest        = {
TestTerraformConfluentPlatformExample 2022-07-27T23:37:57Z logger.go:66:           - apiVersion = "platform.confluent.io/v1beta1"
TestTerraformConfluentPlatformExample 2022-07-27T23:37:57Z logger.go:66:           - kind       = "KafkaRestProxy"
TestTerraformConfluentPlatformExample 2022-07-27T23:37:57Z logger.go:66:           - metadata   = {
TestTerraformConfluentPlatformExample 2022-07-27T23:37:57Z logger.go:66:               - name      = "kafkarestproxy"
TestTerraformConfluentPlatformExample 2022-07-27T23:37:57Z logger.go:66:               - namespace = "confluent"
TestTerraformConfluentPlatformExample 2022-07-27T23:37:57Z logger.go:66:             }
TestTerraformConfluentPlatformExample 2022-07-27T23:37:57Z logger.go:66:           - spec       = {
TestTerraformConfluentPlatformExample 2022-07-27T23:37:57Z logger.go:66:               - dependencies = {
TestTerraformConfluentPlatformExample 2022-07-27T23:37:57Z logger.go:66:                   - schemaRegistry = {
TestTerraformConfluentPlatformExample 2022-07-27T23:37:57Z logger.go:66:                       - url = "http://schemaregistry.confluent.svc.cluster.local:8081"
TestTerraformConfluentPlatformExample 2022-07-27T23:37:57Z logger.go:66:                     }
TestTerraformConfluentPlatformExample 2022-07-27T23:37:57Z logger.go:66:                 }
TestTerraformConfluentPlatformExample 2022-07-27T23:37:57Z logger.go:66:               - image        = {
TestTerraformConfluentPlatformExample 2022-07-27T23:37:57Z logger.go:66:                   - application = "confluentinc/cp-kafka-rest:7.2.0"
TestTerraformConfluentPlatformExample 2022-07-27T23:37:57Z logger.go:66:                   - init        = "confluentinc/confluent-init-container:2.4.0"
TestTerraformConfluentPlatformExample 2022-07-27T23:37:57Z logger.go:66:                 }
TestTerraformConfluentPlatformExample 2022-07-27T23:37:57Z logger.go:66:               - replicas     = 1
TestTerraformConfluentPlatformExample 2022-07-27T23:37:57Z logger.go:66:             }
TestTerraformConfluentPlatformExample 2022-07-27T23:37:57Z logger.go:66:         } -> null
TestTerraformConfluentPlatformExample 2022-07-27T23:37:57Z logger.go:66:       - object          = {
TestTerraformConfluentPlatformExample 2022-07-27T23:37:57Z logger.go:66:           - apiVersion = "platform.confluent.io/v1beta1"
TestTerraformConfluentPlatformExample 2022-07-27T23:37:57Z logger.go:66:           - kind       = "KafkaRestProxy"
TestTerraformConfluentPlatformExample 2022-07-27T23:37:57Z logger.go:66:           - metadata   = {
TestTerraformConfluentPlatformExample 2022-07-27T23:37:57Z logger.go:66:               - annotations                = null
TestTerraformConfluentPlatformExample 2022-07-27T23:37:57Z logger.go:66:               - clusterName                = null
TestTerraformConfluentPlatformExample 2022-07-27T23:37:57Z logger.go:66:               - creationTimestamp          = null
TestTerraformConfluentPlatformExample 2022-07-27T23:37:57Z logger.go:66:               - deletionGracePeriodSeconds = null
TestTerraformConfluentPlatformExample 2022-07-27T23:37:57Z logger.go:66:               - deletionTimestamp          = null
TestTerraformConfluentPlatformExample 2022-07-27T23:37:57Z logger.go:66:               - finalizers                 = [
TestTerraformConfluentPlatformExample 2022-07-27T23:37:57Z logger.go:66:                   - "kafkarestproxy.finalizers.platform.confluent.io",
TestTerraformConfluentPlatformExample 2022-07-27T23:37:57Z logger.go:66:                 ]
TestTerraformConfluentPlatformExample 2022-07-27T23:37:57Z logger.go:66:               - generateName               = null
TestTerraformConfluentPlatformExample 2022-07-27T23:37:57Z logger.go:66:               - generation                 = null
TestTerraformConfluentPlatformExample 2022-07-27T23:37:57Z logger.go:66:               - labels                     = null
TestTerraformConfluentPlatformExample 2022-07-27T23:37:57Z logger.go:66:               - managedFields              = null
TestTerraformConfluentPlatformExample 2022-07-27T23:37:57Z logger.go:66:               - name                       = "kafkarestproxy"
TestTerraformConfluentPlatformExample 2022-07-27T23:37:57Z logger.go:66:               - namespace                  = "confluent"
TestTerraformConfluentPlatformExample 2022-07-27T23:37:57Z logger.go:66:               - ownerReferences            = null
TestTerraformConfluentPlatformExample 2022-07-27T23:37:57Z logger.go:66:               - resourceVersion            = null
TestTerraformConfluentPlatformExample 2022-07-27T23:37:57Z logger.go:66:               - selfLink                   = null
TestTerraformConfluentPlatformExample 2022-07-27T23:37:57Z logger.go:66:               - uid                        = null
TestTerraformConfluentPlatformExample 2022-07-27T23:37:57Z logger.go:66:             }
TestTerraformConfluentPlatformExample 2022-07-27T23:37:57Z logger.go:66:           - spec       = {
TestTerraformConfluentPlatformExample 2022-07-27T23:37:57Z logger.go:66:               - authentication    = {
TestTerraformConfluentPlatformExample 2022-07-27T23:37:57Z logger.go:66:                   - basic = {
TestTerraformConfluentPlatformExample 2022-07-27T23:37:57Z logger.go:66:                       - debug                    = null
TestTerraformConfluentPlatformExample 2022-07-27T23:37:57Z logger.go:66:                       - directoryPathInContainer = null
TestTerraformConfluentPlatformExample 2022-07-27T23:37:57Z logger.go:66:                       - restrictedRoles          = null
TestTerraformConfluentPlatformExample 2022-07-27T23:37:57Z logger.go:66:                       - roles                    = null
TestTerraformConfluentPlatformExample 2022-07-27T23:37:57Z logger.go:66:                       - secretRef                = null
TestTerraformConfluentPlatformExample 2022-07-27T23:37:57Z logger.go:66:                     }
TestTerraformConfluentPlatformExample 2022-07-27T23:37:57Z logger.go:66:                   - type  = null
TestTerraformConfluentPlatformExample 2022-07-27T23:37:57Z logger.go:66:                 }
TestTerraformConfluentPlatformExample 2022-07-27T23:37:57Z logger.go:66:               - authorization     = {
TestTerraformConfluentPlatformExample 2022-07-27T23:37:57Z logger.go:66:                   - kafkaRestClassRef = {
TestTerraformConfluentPlatformExample 2022-07-27T23:37:57Z logger.go:66:                       - name      = null
TestTerraformConfluentPlatformExample 2022-07-27T23:37:57Z logger.go:66:                       - namespace = null
TestTerraformConfluentPlatformExample 2022-07-27T23:37:57Z logger.go:66:                     }
TestTerraformConfluentPlatformExample 2022-07-27T23:37:57Z logger.go:66:                   - type              = null
TestTerraformConfluentPlatformExample 2022-07-27T23:37:57Z logger.go:66:                 }
TestTerraformConfluentPlatformExample 2022-07-27T23:37:57Z logger.go:66:               - configOverrides   = {
TestTerraformConfluentPlatformExample 2022-07-27T23:37:57Z logger.go:66:                   - jvm    = null
TestTerraformConfluentPlatformExample 2022-07-27T23:37:57Z logger.go:66:                   - log4j  = null
TestTerraformConfluentPlatformExample 2022-07-27T23:37:57Z logger.go:66:                   - server = null
TestTerraformConfluentPlatformExample 2022-07-27T23:37:57Z logger.go:66:                 }
TestTerraformConfluentPlatformExample 2022-07-27T23:37:57Z logger.go:66:               - dependencies      = {
TestTerraformConfluentPlatformExample 2022-07-27T23:37:57Z logger.go:66:                   - interceptor    = {
TestTerraformConfluentPlatformExample 2022-07-27T23:37:57Z logger.go:66:                       - configs   = null
TestTerraformConfluentPlatformExample 2022-07-27T23:37:57Z logger.go:66:                       - consumer  = {
TestTerraformConfluentPlatformExample 2022-07-27T23:37:57Z logger.go:66:                           - authentication    = {
TestTerraformConfluentPlatformExample 2022-07-27T23:37:57Z logger.go:66:                               - jaasConfig            = {
TestTerraformConfluentPlatformExample 2022-07-27T23:37:57Z logger.go:66:                                   - secretRef = null
TestTerraformConfluentPlatformExample 2022-07-27T23:37:57Z logger.go:66:                                 }
TestTerraformConfluentPlatformExample 2022-07-27T23:37:57Z logger.go:66:                               - jaasConfigPassThrough = {
TestTerraformConfluentPlatformExample 2022-07-27T23:37:57Z logger.go:66:                                   - directoryPathInContainer = null
TestTerraformConfluentPlatformExample 2022-07-27T23:37:57Z logger.go:66:                                   - secretRef                = null
TestTerraformConfluentPlatformExample 2022-07-27T23:37:57Z logger.go:66:                                 }
TestTerraformConfluentPlatformExample 2022-07-27T23:37:57Z logger.go:66:                               - oauthbearer           = {
TestTerraformConfluentPlatformExample 2022-07-27T23:37:57Z logger.go:66:                                   - directoryPathInContainer = null
TestTerraformConfluentPlatformExample 2022-07-27T23:37:57Z logger.go:66:                                   - secretRef                = null
TestTerraformConfluentPlatformExample 2022-07-27T23:37:57Z logger.go:66:                                 }
TestTerraformConfluentPlatformExample 2022-07-27T23:37:57Z logger.go:66:                               - type                  = null
TestTerraformConfluentPlatformExample 2022-07-27T23:37:57Z logger.go:66:                             }
TestTerraformConfluentPlatformExample 2022-07-27T23:37:57Z logger.go:66:                           - bootstrapEndpoint = null
TestTerraformConfluentPlatformExample 2022-07-27T23:37:57Z logger.go:66:                           - discovery         = {
TestTerraformConfluentPlatformExample 2022-07-27T23:37:57Z logger.go:66:                               - name      = null
TestTerraformConfluentPlatformExample 2022-07-27T23:37:57Z logger.go:66:                               - namespace = null
TestTerraformConfluentPlatformExample 2022-07-27T23:37:57Z logger.go:66:                               - secretRef = null
TestTerraformConfluentPlatformExample 2022-07-27T23:37:57Z logger.go:66:                             }
TestTerraformConfluentPlatformExample 2022-07-27T23:37:57Z logger.go:66:                           - tls               = {
TestTerraformConfluentPlatformExample 2022-07-27T23:37:57Z logger.go:66:                               - directoryPathInContainer = null
TestTerraformConfluentPlatformExample 2022-07-27T23:37:57Z logger.go:66:                               - enabled                  = null
TestTerraformConfluentPlatformExample 2022-07-27T23:37:57Z logger.go:66:                               - ignoreTrustStoreConfig   = null
TestTerraformConfluentPlatformExample 2022-07-27T23:37:57Z logger.go:66:                               - jksPassword              = {
TestTerraformConfluentPlatformExample 2022-07-27T23:37:57Z logger.go:66:                                   - secretRef = null
TestTerraformConfluentPlatformExample 2022-07-27T23:37:57Z logger.go:66:                                 }
TestTerraformConfluentPlatformExample 2022-07-27T23:37:57Z logger.go:66:                               - secretRef                = null
TestTerraformConfluentPlatformExample 2022-07-27T23:37:57Z logger.go:66:                             }
TestTerraformConfluentPlatformExample 2022-07-27T23:37:57Z logger.go:66:                         }
TestTerraformConfluentPlatformExample 2022-07-27T23:37:57Z logger.go:66:                       - enabled   = null
TestTerraformConfluentPlatformExample 2022-07-27T23:37:57Z logger.go:66:                       - producer  = {
TestTerraformConfluentPlatformExample 2022-07-27T23:37:57Z logger.go:66:                           - authentication    = {
TestTerraformConfluentPlatformExample 2022-07-27T23:37:57Z logger.go:66:                               - jaasConfig            = {
TestTerraformConfluentPlatformExample 2022-07-27T23:37:57Z logger.go:66:                                   - secretRef = null
TestTerraformConfluentPlatformExample 2022-07-27T23:37:57Z logger.go:66:                                 }
TestTerraformConfluentPlatformExample 2022-07-27T23:37:57Z logger.go:66:                               - jaasConfigPassThrough = {
TestTerraformConfluentPlatformExample 2022-07-27T23:37:57Z logger.go:66:                                   - directoryPathInContainer = null
TestTerraformConfluentPlatformExample 2022-07-27T23:37:57Z logger.go:66:                                   - secretRef                = null
TestTerraformConfluentPlatformExample 2022-07-27T23:37:57Z logger.go:66:                                 }
TestTerraformConfluentPlatformExample 2022-07-27T23:37:57Z logger.go:66:                               - oauthbearer           = {
TestTerraformConfluentPlatformExample 2022-07-27T23:37:57Z logger.go:66:                                   - directoryPathInContainer = null
TestTerraformConfluentPlatformExample 2022-07-27T23:37:57Z logger.go:66:                                   - secretRef                = null
TestTerraformConfluentPlatformExample 2022-07-27T23:37:57Z logger.go:66:                                 }
TestTerraformConfluentPlatformExample 2022-07-27T23:37:57Z logger.go:66:                               - type                  = null
TestTerraformConfluentPlatformExample 2022-07-27T23:37:57Z logger.go:66:                             }
TestTerraformConfluentPlatformExample 2022-07-27T23:37:57Z logger.go:66:                           - bootstrapEndpoint = null
TestTerraformConfluentPlatformExample 2022-07-27T23:37:57Z logger.go:66:                           - discovery         = {
TestTerraformConfluentPlatformExample 2022-07-27T23:37:57Z logger.go:66:                               - name      = null
TestTerraformConfluentPlatformExample 2022-07-27T23:37:57Z logger.go:66:                               - namespace = null
TestTerraformConfluentPlatformExample 2022-07-27T23:37:57Z logger.go:66:                               - secretRef = null
TestTerraformConfluentPlatformExample 2022-07-27T23:37:57Z logger.go:66:                             }
TestTerraformConfluentPlatformExample 2022-07-27T23:37:57Z logger.go:66:                           - tls               = {
TestTerraformConfluentPlatformExample 2022-07-27T23:37:57Z logger.go:66:                               - directoryPathInContainer = null
TestTerraformConfluentPlatformExample 2022-07-27T23:37:57Z logger.go:66:                               - enabled                  = null
TestTerraformConfluentPlatformExample 2022-07-27T23:37:57Z logger.go:66:                               - ignoreTrustStoreConfig   = null
TestTerraformConfluentPlatformExample 2022-07-27T23:37:57Z logger.go:66:                               - jksPassword              = {
TestTerraformConfluentPlatformExample 2022-07-27T23:37:57Z logger.go:66:                                   - secretRef = null
TestTerraformConfluentPlatformExample 2022-07-27T23:37:57Z logger.go:66:                                 }
TestTerraformConfluentPlatformExample 2022-07-27T23:37:57Z logger.go:66:                               - secretRef                = null
TestTerraformConfluentPlatformExample 2022-07-27T23:37:57Z logger.go:66:                             }
TestTerraformConfluentPlatformExample 2022-07-27T23:37:57Z logger.go:66:                         }
TestTerraformConfluentPlatformExample 2022-07-27T23:37:57Z logger.go:66:                       - publishMs = null
TestTerraformConfluentPlatformExample 2022-07-27T23:37:57Z logger.go:66:                     }
TestTerraformConfluentPlatformExample 2022-07-27T23:37:57Z logger.go:66:                   - kafka          = {
TestTerraformConfluentPlatformExample 2022-07-27T23:37:57Z logger.go:66:                       - authentication    = {
TestTerraformConfluentPlatformExample 2022-07-27T23:37:57Z logger.go:66:                           - jaasConfig            = {
TestTerraformConfluentPlatformExample 2022-07-27T23:37:57Z logger.go:66:                               - secretRef = null
TestTerraformConfluentPlatformExample 2022-07-27T23:37:57Z logger.go:66:                             }
TestTerraformConfluentPlatformExample 2022-07-27T23:37:57Z logger.go:66:                           - jaasConfigPassThrough = {
TestTerraformConfluentPlatformExample 2022-07-27T23:37:57Z logger.go:66:                               - directoryPathInContainer = null
TestTerraformConfluentPlatformExample 2022-07-27T23:37:57Z logger.go:66:                               - secretRef                = null
TestTerraformConfluentPlatformExample 2022-07-27T23:37:57Z logger.go:66:                             }
TestTerraformConfluentPlatformExample 2022-07-27T23:37:57Z logger.go:66:                           - oauthbearer           = {
TestTerraformConfluentPlatformExample 2022-07-27T23:37:57Z logger.go:66:                               - directoryPathInContainer = null
TestTerraformConfluentPlatformExample 2022-07-27T23:37:57Z logger.go:66:                               - secretRef                = null
TestTerraformConfluentPlatformExample 2022-07-27T23:37:57Z logger.go:66:                             }
TestTerraformConfluentPlatformExample 2022-07-27T23:37:57Z logger.go:66:                           - type                  = null
TestTerraformConfluentPlatformExample 2022-07-27T23:37:57Z logger.go:66:                         }
TestTerraformConfluentPlatformExample 2022-07-27T23:37:57Z logger.go:66:                       - bootstrapEndpoint = null
TestTerraformConfluentPlatformExample 2022-07-27T23:37:57Z logger.go:66:                       - discovery         = {
TestTerraformConfluentPlatformExample 2022-07-27T23:37:57Z logger.go:66:                           - name      = null
TestTerraformConfluentPlatformExample 2022-07-27T23:37:57Z logger.go:66:                           - namespace = null
TestTerraformConfluentPlatformExample 2022-07-27T23:37:57Z logger.go:66:                           - secretRef = null
TestTerraformConfluentPlatformExample 2022-07-27T23:37:57Z logger.go:66:                         }
TestTerraformConfluentPlatformExample 2022-07-27T23:37:57Z logger.go:66:                       - tls               = {
TestTerraformConfluentPlatformExample 2022-07-27T23:37:57Z logger.go:66:                           - directoryPathInContainer = null
TestTerraformConfluentPlatformExample 2022-07-27T23:37:57Z logger.go:66:                           - enabled                  = null
TestTerraformConfluentPlatformExample 2022-07-27T23:37:57Z logger.go:66:                           - ignoreTrustStoreConfig   = null
TestTerraformConfluentPlatformExample 2022-07-27T23:37:57Z logger.go:66:                           - jksPassword              = {
TestTerraformConfluentPlatformExample 2022-07-27T23:37:57Z logger.go:66:                               - secretRef = null
TestTerraformConfluentPlatformExample 2022-07-27T23:37:57Z logger.go:66:                             }
TestTerraformConfluentPlatformExample 2022-07-27T23:37:57Z logger.go:66:                           - secretRef                = null
TestTerraformConfluentPlatformExample 2022-07-27T23:37:57Z logger.go:66:                         }
TestTerraformConfluentPlatformExample 2022-07-27T23:37:57Z logger.go:66:                     }
TestTerraformConfluentPlatformExample 2022-07-27T23:37:57Z logger.go:66:                   - mds            = {
TestTerraformConfluentPlatformExample 2022-07-27T23:37:57Z logger.go:66:                       - authentication = {
TestTerraformConfluentPlatformExample 2022-07-27T23:37:57Z logger.go:66:                           - bearer = {
TestTerraformConfluentPlatformExample 2022-07-27T23:37:57Z logger.go:66:                               - directoryPathInContainer = null
TestTerraformConfluentPlatformExample 2022-07-27T23:37:57Z logger.go:66:                               - secretRef                = null
TestTerraformConfluentPlatformExample 2022-07-27T23:37:57Z logger.go:66:                             }
TestTerraformConfluentPlatformExample 2022-07-27T23:37:57Z logger.go:66:                           - type   = null
TestTerraformConfluentPlatformExample 2022-07-27T23:37:57Z logger.go:66:                         }
TestTerraformConfluentPlatformExample 2022-07-27T23:37:57Z logger.go:66:                       - endpoint       = null
TestTerraformConfluentPlatformExample 2022-07-27T23:37:57Z logger.go:66:                       - tls            = {
TestTerraformConfluentPlatformExample 2022-07-27T23:37:57Z logger.go:66:                           - directoryPathInContainer = null
TestTerraformConfluentPlatformExample 2022-07-27T23:37:57Z logger.go:66:                           - enabled                  = null
TestTerraformConfluentPlatformExample 2022-07-27T23:37:57Z logger.go:66:                           - ignoreTrustStoreConfig   = null
TestTerraformConfluentPlatformExample 2022-07-27T23:37:57Z logger.go:66:                           - jksPassword              = {
TestTerraformConfluentPlatformExample 2022-07-27T23:37:57Z logger.go:66:                               - secretRef = null
TestTerraformConfluentPlatformExample 2022-07-27T23:37:57Z logger.go:66:                             }
TestTerraformConfluentPlatformExample 2022-07-27T23:37:57Z logger.go:66:                           - secretRef                = null
TestTerraformConfluentPlatformExample 2022-07-27T23:37:57Z logger.go:66:                         }
TestTerraformConfluentPlatformExample 2022-07-27T23:37:57Z logger.go:66:                       - tokenKeyPair   = {
TestTerraformConfluentPlatformExample 2022-07-27T23:37:57Z logger.go:66:                           - directoryPathInContainer = null
TestTerraformConfluentPlatformExample 2022-07-27T23:37:57Z logger.go:66:                           - secretRef                = null
TestTerraformConfluentPlatformExample 2022-07-27T23:37:57Z logger.go:66:                         }
TestTerraformConfluentPlatformExample 2022-07-27T23:37:57Z logger.go:66:                     }
TestTerraformConfluentPlatformExample 2022-07-27T23:37:57Z logger.go:66:                   - schemaRegistry = {
TestTerraformConfluentPlatformExample 2022-07-27T23:37:57Z logger.go:66:                       - authentication = {
TestTerraformConfluentPlatformExample 2022-07-27T23:37:57Z logger.go:66:                           - basic = {
TestTerraformConfluentPlatformExample 2022-07-27T23:37:57Z logger.go:66:                               - debug                    = null
TestTerraformConfluentPlatformExample 2022-07-27T23:37:57Z logger.go:66:                               - directoryPathInContainer = null
TestTerraformConfluentPlatformExample 2022-07-27T23:37:57Z logger.go:66:                               - restrictedRoles          = null
TestTerraformConfluentPlatformExample 2022-07-27T23:37:57Z logger.go:66:                               - roles                    = null
TestTerraformConfluentPlatformExample 2022-07-27T23:37:57Z logger.go:66:                               - secretRef                = null
TestTerraformConfluentPlatformExample 2022-07-27T23:37:57Z logger.go:66:                             }
TestTerraformConfluentPlatformExample 2022-07-27T23:37:57Z logger.go:66:                           - type  = null
TestTerraformConfluentPlatformExample 2022-07-27T23:37:57Z logger.go:66:                         }
TestTerraformConfluentPlatformExample 2022-07-27T23:37:57Z logger.go:66:                       - tls            = {
TestTerraformConfluentPlatformExample 2022-07-27T23:37:57Z logger.go:66:                           - directoryPathInContainer = null
TestTerraformConfluentPlatformExample 2022-07-27T23:37:57Z logger.go:66:                           - enabled                  = null
TestTerraformConfluentPlatformExample 2022-07-27T23:37:57Z logger.go:66:                           - ignoreTrustStoreConfig   = null
TestTerraformConfluentPlatformExample 2022-07-27T23:37:57Z logger.go:66:                           - jksPassword              = {
TestTerraformConfluentPlatformExample 2022-07-27T23:37:57Z logger.go:66:                               - secretRef = null
TestTerraformConfluentPlatformExample 2022-07-27T23:37:57Z logger.go:66:                             }
TestTerraformConfluentPlatformExample 2022-07-27T23:37:57Z logger.go:66:                           - secretRef                = null
TestTerraformConfluentPlatformExample 2022-07-27T23:37:57Z logger.go:66:                         }
TestTerraformConfluentPlatformExample 2022-07-27T23:37:57Z logger.go:66:                       - url            = "http://schemaregistry.confluent.svc.cluster.local:8081"
TestTerraformConfluentPlatformExample 2022-07-27T23:37:57Z logger.go:66:                     }
TestTerraformConfluentPlatformExample 2022-07-27T23:37:57Z logger.go:66:                 }
TestTerraformConfluentPlatformExample 2022-07-27T23:37:57Z logger.go:66:               - externalAccess    = {
TestTerraformConfluentPlatformExample 2022-07-27T23:37:57Z logger.go:66:                   - loadBalancer = {
TestTerraformConfluentPlatformExample 2022-07-27T23:37:57Z logger.go:66:                       - advertisedURL            = {
TestTerraformConfluentPlatformExample 2022-07-27T23:37:57Z logger.go:66:                           - enabled = null
TestTerraformConfluentPlatformExample 2022-07-27T23:37:57Z logger.go:66:                           - prefix  = null
TestTerraformConfluentPlatformExample 2022-07-27T23:37:57Z logger.go:66:                         }
TestTerraformConfluentPlatformExample 2022-07-27T23:37:57Z logger.go:66:                       - annotations              = null
TestTerraformConfluentPlatformExample 2022-07-27T23:37:57Z logger.go:66:                       - domain                   = null
TestTerraformConfluentPlatformExample 2022-07-27T23:37:57Z logger.go:66:                       - externalTrafficPolicy    = null
TestTerraformConfluentPlatformExample 2022-07-27T23:37:57Z logger.go:66:                       - labels                   = null
TestTerraformConfluentPlatformExample 2022-07-27T23:37:57Z logger.go:66:                       - loadBalancerSourceRanges = null
TestTerraformConfluentPlatformExample 2022-07-27T23:37:57Z logger.go:66:                       - port                     = null
TestTerraformConfluentPlatformExample 2022-07-27T23:37:57Z logger.go:66:                       - prefix                   = null
TestTerraformConfluentPlatformExample 2022-07-27T23:37:57Z logger.go:66:                       - servicePorts             = null
TestTerraformConfluentPlatformExample 2022-07-27T23:37:57Z logger.go:66:                       - sessionAffinity          = null
TestTerraformConfluentPlatformExample 2022-07-27T23:37:57Z logger.go:66:                       - sessionAffinityConfig    = {
TestTerraformConfluentPlatformExample 2022-07-27T23:37:58Z logger.go:66:                           - clientIP = {
TestTerraformConfluentPlatformExample 2022-07-27T23:37:58Z logger.go:66:                               - timeoutSeconds = null
TestTerraformConfluentPlatformExample 2022-07-27T23:37:58Z logger.go:66:                             }
TestTerraformConfluentPlatformExample 2022-07-27T23:37:58Z logger.go:66:                         }
TestTerraformConfluentPlatformExample 2022-07-27T23:37:58Z logger.go:66:                     }
TestTerraformConfluentPlatformExample 2022-07-27T23:37:58Z logger.go:66:                   - nodePort     = {
TestTerraformConfluentPlatformExample 2022-07-27T23:37:58Z logger.go:66:                       - advertisedURL         = {
TestTerraformConfluentPlatformExample 2022-07-27T23:37:58Z logger.go:66:                           - enabled = null
TestTerraformConfluentPlatformExample 2022-07-27T23:37:58Z logger.go:66:                           - prefix  = null
TestTerraformConfluentPlatformExample 2022-07-27T23:37:58Z logger.go:66:                         }
TestTerraformConfluentPlatformExample 2022-07-27T23:37:58Z logger.go:66:                       - annotations           = null
TestTerraformConfluentPlatformExample 2022-07-27T23:37:58Z logger.go:66:                       - externalTrafficPolicy = null
TestTerraformConfluentPlatformExample 2022-07-27T23:37:58Z logger.go:66:                       - host                  = null
TestTerraformConfluentPlatformExample 2022-07-27T23:37:58Z logger.go:66:                       - labels                = null
TestTerraformConfluentPlatformExample 2022-07-27T23:37:58Z logger.go:66:                       - nodePortOffset        = null
TestTerraformConfluentPlatformExample 2022-07-27T23:37:58Z logger.go:66:                       - servicePorts          = null
TestTerraformConfluentPlatformExample 2022-07-27T23:37:58Z logger.go:66:                       - sessionAffinity       = null
TestTerraformConfluentPlatformExample 2022-07-27T23:37:58Z logger.go:66:                       - sessionAffinityConfig = {
TestTerraformConfluentPlatformExample 2022-07-27T23:37:58Z logger.go:66:                           - clientIP = {
TestTerraformConfluentPlatformExample 2022-07-27T23:37:58Z logger.go:66:                               - timeoutSeconds = null
TestTerraformConfluentPlatformExample 2022-07-27T23:37:58Z logger.go:66:                             }
TestTerraformConfluentPlatformExample 2022-07-27T23:37:58Z logger.go:66:                         }
TestTerraformConfluentPlatformExample 2022-07-27T23:37:58Z logger.go:66:                     }
TestTerraformConfluentPlatformExample 2022-07-27T23:37:58Z logger.go:66:                   - route        = {
TestTerraformConfluentPlatformExample 2022-07-27T23:37:58Z logger.go:66:                       - annotations    = null
TestTerraformConfluentPlatformExample 2022-07-27T23:37:58Z logger.go:66:                       - domain         = null
TestTerraformConfluentPlatformExample 2022-07-27T23:37:58Z logger.go:66:                       - labels         = null
TestTerraformConfluentPlatformExample 2022-07-27T23:37:58Z logger.go:66:                       - prefix         = null
TestTerraformConfluentPlatformExample 2022-07-27T23:37:58Z logger.go:66:                       - wildcardPolicy = null
TestTerraformConfluentPlatformExample 2022-07-27T23:37:58Z logger.go:66:                     }
TestTerraformConfluentPlatformExample 2022-07-27T23:37:58Z logger.go:66:                   - type         = null
TestTerraformConfluentPlatformExample 2022-07-27T23:37:58Z logger.go:66:                 }
TestTerraformConfluentPlatformExample 2022-07-27T23:37:58Z logger.go:66:               - headlessService   = {
TestTerraformConfluentPlatformExample 2022-07-27T23:37:58Z logger.go:66:                   - annotations              = null
TestTerraformConfluentPlatformExample 2022-07-27T23:37:58Z logger.go:66:                   - labels                   = null
TestTerraformConfluentPlatformExample 2022-07-27T23:37:58Z logger.go:66:                   - publishNotReadyAddresses = null
TestTerraformConfluentPlatformExample 2022-07-27T23:37:58Z logger.go:66:                 }
TestTerraformConfluentPlatformExample 2022-07-27T23:37:58Z logger.go:66:               - image             = {
TestTerraformConfluentPlatformExample 2022-07-27T23:37:58Z logger.go:66:                   - application   = "confluentinc/cp-kafka-rest:7.2.0"
TestTerraformConfluentPlatformExample 2022-07-27T23:37:58Z logger.go:66:                   - init          = "confluentinc/confluent-init-container:2.4.0"
TestTerraformConfluentPlatformExample 2022-07-27T23:37:58Z logger.go:66:                   - pullPolicy    = null
TestTerraformConfluentPlatformExample 2022-07-27T23:37:58Z logger.go:66:                   - pullSecretRef = null
TestTerraformConfluentPlatformExample 2022-07-27T23:37:58Z logger.go:66:                 }
TestTerraformConfluentPlatformExample 2022-07-27T23:37:58Z logger.go:66:               - injectAnnotations = null
TestTerraformConfluentPlatformExample 2022-07-27T23:37:58Z logger.go:66:               - injectLabels      = null
TestTerraformConfluentPlatformExample 2022-07-27T23:37:58Z logger.go:66:               - k8sClusterDomain  = null
TestTerraformConfluentPlatformExample 2022-07-27T23:37:58Z logger.go:66:               - license           = {
TestTerraformConfluentPlatformExample 2022-07-27T23:37:58Z logger.go:66:                   - directoryPathInContainer = null
TestTerraformConfluentPlatformExample 2022-07-27T23:37:58Z logger.go:66:                   - globalLicense            = null
TestTerraformConfluentPlatformExample 2022-07-27T23:37:58Z logger.go:66:                   - secretRef                = null
TestTerraformConfluentPlatformExample 2022-07-27T23:37:58Z logger.go:66:                 }
TestTerraformConfluentPlatformExample 2022-07-27T23:37:58Z logger.go:66:               - metrics           = {
TestTerraformConfluentPlatformExample 2022-07-27T23:37:58Z logger.go:66:                   - authentication = {
TestTerraformConfluentPlatformExample 2022-07-27T23:37:58Z logger.go:66:                       - type = null
TestTerraformConfluentPlatformExample 2022-07-27T23:37:58Z logger.go:66:                     }
TestTerraformConfluentPlatformExample 2022-07-27T23:37:58Z logger.go:66:                   - prometheus     = {
TestTerraformConfluentPlatformExample 2022-07-27T23:37:58Z logger.go:66:                       - blacklist = null
TestTerraformConfluentPlatformExample 2022-07-27T23:37:58Z logger.go:66:                       - rules     = null
TestTerraformConfluentPlatformExample 2022-07-27T23:37:58Z logger.go:66:                       - whitelist = null
TestTerraformConfluentPlatformExample 2022-07-27T23:37:58Z logger.go:66:                     }
TestTerraformConfluentPlatformExample 2022-07-27T23:37:58Z logger.go:66:                   - tls            = {
TestTerraformConfluentPlatformExample 2022-07-27T23:37:58Z logger.go:66:                       - directoryPathInContainer = null
TestTerraformConfluentPlatformExample 2022-07-27T23:37:58Z logger.go:66:                       - enabled                  = null
TestTerraformConfluentPlatformExample 2022-07-27T23:37:58Z logger.go:66:                       - ignoreTrustStoreConfig   = null
TestTerraformConfluentPlatformExample 2022-07-27T23:37:58Z logger.go:66:                       - jksPassword              = {
TestTerraformConfluentPlatformExample 2022-07-27T23:37:58Z logger.go:66:                           - secretRef = null
TestTerraformConfluentPlatformExample 2022-07-27T23:37:58Z logger.go:66:                         }
TestTerraformConfluentPlatformExample 2022-07-27T23:37:58Z logger.go:66:                       - secretRef                = null
TestTerraformConfluentPlatformExample 2022-07-27T23:37:58Z logger.go:66:                     }
TestTerraformConfluentPlatformExample 2022-07-27T23:37:58Z logger.go:66:                 }
TestTerraformConfluentPlatformExample 2022-07-27T23:37:58Z logger.go:66:               - mountedSecrets    = null
TestTerraformConfluentPlatformExample 2022-07-27T23:37:58Z logger.go:66:               - mountedVolumes    = {
TestTerraformConfluentPlatformExample 2022-07-27T23:37:58Z logger.go:66:                   - volumeMounts = null
TestTerraformConfluentPlatformExample 2022-07-27T23:37:58Z logger.go:66:                   - volumes      = null
TestTerraformConfluentPlatformExample 2022-07-27T23:37:58Z logger.go:66:                 }
TestTerraformConfluentPlatformExample 2022-07-27T23:37:58Z logger.go:66:               - oneReplicaPerNode = null
TestTerraformConfluentPlatformExample 2022-07-27T23:37:58Z logger.go:66:               - podTemplate       = {
TestTerraformConfluentPlatformExample 2022-07-27T23:37:58Z logger.go:66:                   - affinity                      = {
TestTerraformConfluentPlatformExample 2022-07-27T23:37:58Z logger.go:66:                       - nodeAffinity    = {
TestTerraformConfluentPlatformExample 2022-07-27T23:37:58Z logger.go:66:                           - preferredDuringSchedulingIgnoredDuringExecution = null
TestTerraformConfluentPlatformExample 2022-07-27T23:37:58Z logger.go:66:                           - requiredDuringSchedulingIgnoredDuringExecution  = {
TestTerraformConfluentPlatformExample 2022-07-27T23:37:58Z logger.go:66:                               - nodeSelectorTerms = null
TestTerraformConfluentPlatformExample 2022-07-27T23:37:58Z logger.go:66:                             }
TestTerraformConfluentPlatformExample 2022-07-27T23:37:58Z logger.go:66:                         }
TestTerraformConfluentPlatformExample 2022-07-27T23:37:58Z logger.go:66:                       - podAffinity     = {
TestTerraformConfluentPlatformExample 2022-07-27T23:37:58Z logger.go:66:                           - preferredDuringSchedulingIgnoredDuringExecution = null
TestTerraformConfluentPlatformExample 2022-07-27T23:37:58Z logger.go:66:                           - requiredDuringSchedulingIgnoredDuringExecution  = null
TestTerraformConfluentPlatformExample 2022-07-27T23:37:58Z logger.go:66:                         }
TestTerraformConfluentPlatformExample 2022-07-27T23:37:58Z logger.go:66:                       - podAntiAffinity = {
TestTerraformConfluentPlatformExample 2022-07-27T23:37:58Z logger.go:66:                           - preferredDuringSchedulingIgnoredDuringExecution = null
TestTerraformConfluentPlatformExample 2022-07-27T23:37:58Z logger.go:66:                           - requiredDuringSchedulingIgnoredDuringExecution  = null
TestTerraformConfluentPlatformExample 2022-07-27T23:37:58Z logger.go:66:                         }
TestTerraformConfluentPlatformExample 2022-07-27T23:37:58Z logger.go:66:                     }
TestTerraformConfluentPlatformExample 2022-07-27T23:37:58Z logger.go:66:                   - annotations                   = null
TestTerraformConfluentPlatformExample 2022-07-27T23:37:58Z logger.go:66:                   - envVars                       = null
TestTerraformConfluentPlatformExample 2022-07-27T23:37:58Z logger.go:66:                   - labels                        = null
TestTerraformConfluentPlatformExample 2022-07-27T23:37:58Z logger.go:66:                   - podSecurityContext            = {
TestTerraformConfluentPlatformExample 2022-07-27T23:37:58Z logger.go:66:                       - fsGroup             = null
TestTerraformConfluentPlatformExample 2022-07-27T23:37:58Z logger.go:66:                       - fsGroupChangePolicy = null
TestTerraformConfluentPlatformExample 2022-07-27T23:37:58Z logger.go:66:                       - runAsGroup          = null
TestTerraformConfluentPlatformExample 2022-07-27T23:37:58Z logger.go:66:                       - runAsNonRoot        = null
TestTerraformConfluentPlatformExample 2022-07-27T23:37:58Z logger.go:66:                       - runAsUser           = null
TestTerraformConfluentPlatformExample 2022-07-27T23:37:58Z logger.go:66:                       - seLinuxOptions      = {
TestTerraformConfluentPlatformExample 2022-07-27T23:37:58Z logger.go:66:                           - level = null
TestTerraformConfluentPlatformExample 2022-07-27T23:37:58Z logger.go:66:                           - role  = null
TestTerraformConfluentPlatformExample 2022-07-27T23:37:58Z logger.go:66:                           - type  = null
TestTerraformConfluentPlatformExample 2022-07-27T23:37:58Z logger.go:66:                           - user  = null
TestTerraformConfluentPlatformExample 2022-07-27T23:37:58Z logger.go:66:                         }
TestTerraformConfluentPlatformExample 2022-07-27T23:37:58Z logger.go:66:                       - seccompProfile      = {
TestTerraformConfluentPlatformExample 2022-07-27T23:37:58Z logger.go:66:                           - localhostProfile = null
TestTerraformConfluentPlatformExample 2022-07-27T23:37:58Z logger.go:66:                           - type             = null
TestTerraformConfluentPlatformExample 2022-07-27T23:37:58Z logger.go:66:                         }
TestTerraformConfluentPlatformExample 2022-07-27T23:37:58Z logger.go:66:                       - supplementalGroups  = null
TestTerraformConfluentPlatformExample 2022-07-27T23:37:58Z logger.go:66:                       - sysctls             = null
TestTerraformConfluentPlatformExample 2022-07-27T23:37:58Z logger.go:66:                       - windowsOptions      = {
TestTerraformConfluentPlatformExample 2022-07-27T23:37:58Z logger.go:66:                           - gmsaCredentialSpec     = null
TestTerraformConfluentPlatformExample 2022-07-27T23:37:58Z logger.go:66:                           - gmsaCredentialSpecName = null
TestTerraformConfluentPlatformExample 2022-07-27T23:37:58Z logger.go:66:                           - hostProcess            = null
TestTerraformConfluentPlatformExample 2022-07-27T23:37:58Z logger.go:66:                           - runAsUserName          = null
TestTerraformConfluentPlatformExample 2022-07-27T23:37:58Z logger.go:66:                         }
TestTerraformConfluentPlatformExample 2022-07-27T23:37:58Z logger.go:66:                     }
TestTerraformConfluentPlatformExample 2022-07-27T23:37:58Z logger.go:66:                   - priorityClassName             = null
TestTerraformConfluentPlatformExample 2022-07-27T23:37:58Z logger.go:66:                   - probe                         = {
TestTerraformConfluentPlatformExample 2022-07-27T23:37:58Z logger.go:66:                       - liveness  = {
TestTerraformConfluentPlatformExample 2022-07-27T23:37:58Z logger.go:66:                           - failureThreshold    = null
TestTerraformConfluentPlatformExample 2022-07-27T23:37:58Z logger.go:66:                           - initialDelaySeconds = null
TestTerraformConfluentPlatformExample 2022-07-27T23:37:58Z logger.go:66:                           - periodSeconds       = null
TestTerraformConfluentPlatformExample 2022-07-27T23:37:58Z logger.go:66:                           - successThreshold    = null
TestTerraformConfluentPlatformExample 2022-07-27T23:37:58Z logger.go:66:                           - timeoutSeconds      = null
TestTerraformConfluentPlatformExample 2022-07-27T23:37:58Z logger.go:66:                         }
TestTerraformConfluentPlatformExample 2022-07-27T23:37:58Z logger.go:66:                       - readiness = {
TestTerraformConfluentPlatformExample 2022-07-27T23:37:58Z logger.go:66:                           - failureThreshold    = null
TestTerraformConfluentPlatformExample 2022-07-27T23:37:58Z logger.go:66:                           - initialDelaySeconds = null
TestTerraformConfluentPlatformExample 2022-07-27T23:37:58Z logger.go:66:                           - periodSeconds       = null
TestTerraformConfluentPlatformExample 2022-07-27T23:37:58Z logger.go:66:                           - successThreshold    = null
TestTerraformConfluentPlatformExample 2022-07-27T23:37:58Z logger.go:66:                           - timeoutSeconds      = null
TestTerraformConfluentPlatformExample 2022-07-27T23:37:58Z logger.go:66:                         }
TestTerraformConfluentPlatformExample 2022-07-27T23:37:58Z logger.go:66:                     }
TestTerraformConfluentPlatformExample 2022-07-27T23:37:58Z logger.go:66:                   - resources                     = {
TestTerraformConfluentPlatformExample 2022-07-27T23:37:58Z logger.go:66:                       - limits   = null
TestTerraformConfluentPlatformExample 2022-07-27T23:37:58Z logger.go:66:                       - requests = null
TestTerraformConfluentPlatformExample 2022-07-27T23:37:58Z logger.go:66:                     }
TestTerraformConfluentPlatformExample 2022-07-27T23:37:58Z logger.go:66:                   - securityContext               = {
TestTerraformConfluentPlatformExample 2022-07-27T23:37:58Z logger.go:66:                       - allowPrivilegeEscalation = null
TestTerraformConfluentPlatformExample 2022-07-27T23:37:58Z logger.go:66:                       - capabilities             = {
TestTerraformConfluentPlatformExample 2022-07-27T23:37:58Z logger.go:66:                           - add  = null
TestTerraformConfluentPlatformExample 2022-07-27T23:37:58Z logger.go:66:                           - drop = null
TestTerraformConfluentPlatformExample 2022-07-27T23:37:58Z logger.go:66:                         }
TestTerraformConfluentPlatformExample 2022-07-27T23:37:58Z logger.go:66:                       - privileged               = null
TestTerraformConfluentPlatformExample 2022-07-27T23:37:58Z logger.go:66:                       - procMount                = null
TestTerraformConfluentPlatformExample 2022-07-27T23:37:58Z logger.go:66:                       - readOnlyRootFilesystem   = null
TestTerraformConfluentPlatformExample 2022-07-27T23:37:58Z logger.go:66:                       - runAsGroup               = null
TestTerraformConfluentPlatformExample 2022-07-27T23:37:58Z logger.go:66:                       - runAsNonRoot             = null
TestTerraformConfluentPlatformExample 2022-07-27T23:37:58Z logger.go:66:                       - runAsUser                = null
TestTerraformConfluentPlatformExample 2022-07-27T23:37:58Z logger.go:66:                       - seLinuxOptions           = {
TestTerraformConfluentPlatformExample 2022-07-27T23:37:58Z logger.go:66:                           - level = null
TestTerraformConfluentPlatformExample 2022-07-27T23:37:58Z logger.go:66:                           - role  = null
TestTerraformConfluentPlatformExample 2022-07-27T23:37:58Z logger.go:66:                           - type  = null
TestTerraformConfluentPlatformExample 2022-07-27T23:37:58Z logger.go:66:                           - user  = null
TestTerraformConfluentPlatformExample 2022-07-27T23:37:58Z logger.go:66:                         }
TestTerraformConfluentPlatformExample 2022-07-27T23:37:58Z logger.go:66:                       - seccompProfile           = {
TestTerraformConfluentPlatformExample 2022-07-27T23:37:58Z logger.go:66:                           - localhostProfile = null
TestTerraformConfluentPlatformExample 2022-07-27T23:37:58Z logger.go:66:                           - type             = null
TestTerraformConfluentPlatformExample 2022-07-27T23:37:58Z logger.go:66:                         }
TestTerraformConfluentPlatformExample 2022-07-27T23:37:58Z logger.go:66:                       - windowsOptions           = {
TestTerraformConfluentPlatformExample 2022-07-27T23:37:58Z logger.go:66:                           - gmsaCredentialSpec     = null
TestTerraformConfluentPlatformExample 2022-07-27T23:37:58Z logger.go:66:                           - gmsaCredentialSpecName = null
TestTerraformConfluentPlatformExample 2022-07-27T23:37:58Z logger.go:66:                           - hostProcess            = null
TestTerraformConfluentPlatformExample 2022-07-27T23:37:58Z logger.go:66:                           - runAsUserName          = null
TestTerraformConfluentPlatformExample 2022-07-27T23:37:58Z logger.go:66:                         }
TestTerraformConfluentPlatformExample 2022-07-27T23:37:58Z logger.go:66:                     }
TestTerraformConfluentPlatformExample 2022-07-27T23:37:58Z logger.go:66:                   - serviceAccountName            = null
TestTerraformConfluentPlatformExample 2022-07-27T23:37:58Z logger.go:66:                   - terminationGracePeriodSeconds = null
TestTerraformConfluentPlatformExample 2022-07-27T23:37:58Z logger.go:66:                   - tolerations                   = null
TestTerraformConfluentPlatformExample 2022-07-27T23:37:58Z logger.go:66:                   - topologySpreadConstraints     = null
TestTerraformConfluentPlatformExample 2022-07-27T23:37:58Z logger.go:66:                 }
TestTerraformConfluentPlatformExample 2022-07-27T23:37:58Z logger.go:66:               - replicas          = 1
TestTerraformConfluentPlatformExample 2022-07-27T23:37:58Z logger.go:66:               - telemetry         = {
TestTerraformConfluentPlatformExample 2022-07-27T23:37:58Z logger.go:66:                   - global = null
TestTerraformConfluentPlatformExample 2022-07-27T23:37:58Z logger.go:66:                 }
TestTerraformConfluentPlatformExample 2022-07-27T23:37:58Z logger.go:66:               - tls               = {
TestTerraformConfluentPlatformExample 2022-07-27T23:37:58Z logger.go:66:                   - autoGeneratedCerts       = null
TestTerraformConfluentPlatformExample 2022-07-27T23:37:58Z logger.go:66:                   - directoryPathInContainer = null
TestTerraformConfluentPlatformExample 2022-07-27T23:37:58Z logger.go:66:                   - ignoreTrustStoreConfig   = null
TestTerraformConfluentPlatformExample 2022-07-27T23:37:58Z logger.go:66:                   - jksPassword              = {
TestTerraformConfluentPlatformExample 2022-07-27T23:37:58Z logger.go:66:                       - secretRef = null
TestTerraformConfluentPlatformExample 2022-07-27T23:37:58Z logger.go:66:                     }
TestTerraformConfluentPlatformExample 2022-07-27T23:37:58Z logger.go:66:                   - secretRef                = null
TestTerraformConfluentPlatformExample 2022-07-27T23:37:58Z logger.go:66:                 }
TestTerraformConfluentPlatformExample 2022-07-27T23:37:58Z logger.go:66:             }
TestTerraformConfluentPlatformExample 2022-07-27T23:37:58Z logger.go:66:         } -> null
TestTerraformConfluentPlatformExample 2022-07-27T23:37:58Z logger.go:66:
TestTerraformConfluentPlatformExample 2022-07-27T23:37:58Z logger.go:66:       - timeouts {
TestTerraformConfluentPlatformExample 2022-07-27T23:37:58Z logger.go:66:           - create = "1h" -> null
TestTerraformConfluentPlatformExample 2022-07-27T23:37:58Z logger.go:66:           - delete = "5m" -> null
TestTerraformConfluentPlatformExample 2022-07-27T23:37:58Z logger.go:66:           - update = "1h" -> null
TestTerraformConfluentPlatformExample 2022-07-27T23:37:58Z logger.go:66:         }
TestTerraformConfluentPlatformExample 2022-07-27T23:37:58Z logger.go:66:
TestTerraformConfluentPlatformExample 2022-07-27T23:37:58Z logger.go:66:       - wait {
TestTerraformConfluentPlatformExample 2022-07-27T23:37:58Z logger.go:66:           - fields = {
TestTerraformConfluentPlatformExample 2022-07-27T23:37:58Z logger.go:66:               - "status.phase" = "RUNNING"
TestTerraformConfluentPlatformExample 2022-07-27T23:37:58Z logger.go:66:             } -> null
TestTerraformConfluentPlatformExample 2022-07-27T23:37:58Z logger.go:66:         }
TestTerraformConfluentPlatformExample 2022-07-27T23:37:58Z logger.go:66:     }
TestTerraformConfluentPlatformExample 2022-07-27T23:37:58Z logger.go:66:
TestTerraformConfluentPlatformExample 2022-07-27T23:37:58Z logger.go:66:   # module.confluent_platform.kubernetes_manifest.ksqldb[0] will be destroyed
TestTerraformConfluentPlatformExample 2022-07-27T23:37:58Z logger.go:66:   - resource "kubernetes_manifest" "ksqldb" {
TestTerraformConfluentPlatformExample 2022-07-27T23:37:58Z logger.go:66:       - computed_fields = [
TestTerraformConfluentPlatformExample 2022-07-27T23:37:58Z logger.go:66:           - "metadata.finalizers",
TestTerraformConfluentPlatformExample 2022-07-27T23:37:58Z logger.go:66:         ] -> null
TestTerraformConfluentPlatformExample 2022-07-27T23:37:58Z logger.go:66:       - manifest        = {
TestTerraformConfluentPlatformExample 2022-07-27T23:37:58Z logger.go:66:           - apiVersion = "platform.confluent.io/v1beta1"
TestTerraformConfluentPlatformExample 2022-07-27T23:37:58Z logger.go:66:           - kind       = "KsqlDB"
TestTerraformConfluentPlatformExample 2022-07-27T23:37:58Z logger.go:66:           - metadata   = {
TestTerraformConfluentPlatformExample 2022-07-27T23:37:58Z logger.go:66:               - name      = "ksqldb"
TestTerraformConfluentPlatformExample 2022-07-27T23:37:58Z logger.go:66:               - namespace = "confluent"
TestTerraformConfluentPlatformExample 2022-07-27T23:37:58Z logger.go:66:             }
TestTerraformConfluentPlatformExample 2022-07-27T23:37:58Z logger.go:66:           - spec       = {
TestTerraformConfluentPlatformExample 2022-07-27T23:37:58Z logger.go:66:               - dataVolumeCapacity = "10Gi"
TestTerraformConfluentPlatformExample 2022-07-27T23:37:58Z logger.go:66:               - image              = {
TestTerraformConfluentPlatformExample 2022-07-27T23:37:58Z logger.go:66:                   - application = "confluentinc/cp-ksqldb-server:7.2.0"
TestTerraformConfluentPlatformExample 2022-07-27T23:37:58Z logger.go:66:                   - init        = "confluentinc/confluent-init-container:2.4.0"
TestTerraformConfluentPlatformExample 2022-07-27T23:37:58Z logger.go:66:                 }
TestTerraformConfluentPlatformExample 2022-07-27T23:37:58Z logger.go:66:               - replicas           = 1
TestTerraformConfluentPlatformExample 2022-07-27T23:37:58Z logger.go:66:             }
TestTerraformConfluentPlatformExample 2022-07-27T23:37:58Z logger.go:66:         } -> null
TestTerraformConfluentPlatformExample 2022-07-27T23:37:58Z logger.go:66:       - object          = {
TestTerraformConfluentPlatformExample 2022-07-27T23:37:58Z logger.go:66:           - apiVersion = "platform.confluent.io/v1beta1"
TestTerraformConfluentPlatformExample 2022-07-27T23:37:58Z logger.go:66:           - kind       = "KsqlDB"
TestTerraformConfluentPlatformExample 2022-07-27T23:37:58Z logger.go:66:           - metadata   = {
TestTerraformConfluentPlatformExample 2022-07-27T23:37:58Z logger.go:66:               - annotations                = null
TestTerraformConfluentPlatformExample 2022-07-27T23:37:58Z logger.go:66:               - clusterName                = null
TestTerraformConfluentPlatformExample 2022-07-27T23:37:58Z logger.go:66:               - creationTimestamp          = null
TestTerraformConfluentPlatformExample 2022-07-27T23:37:58Z logger.go:66:               - deletionGracePeriodSeconds = null
TestTerraformConfluentPlatformExample 2022-07-27T23:37:58Z logger.go:66:               - deletionTimestamp          = null
TestTerraformConfluentPlatformExample 2022-07-27T23:37:58Z logger.go:66:               - finalizers                 = [
TestTerraformConfluentPlatformExample 2022-07-27T23:37:58Z logger.go:66:                   - "ksqldb.finalizers.platform.confluent.io",
TestTerraformConfluentPlatformExample 2022-07-27T23:37:58Z logger.go:66:                 ]
TestTerraformConfluentPlatformExample 2022-07-27T23:37:58Z logger.go:66:               - generateName               = null
TestTerraformConfluentPlatformExample 2022-07-27T23:37:58Z logger.go:66:               - generation                 = null
TestTerraformConfluentPlatformExample 2022-07-27T23:37:58Z logger.go:66:               - labels                     = null
TestTerraformConfluentPlatformExample 2022-07-27T23:37:58Z logger.go:66:               - managedFields              = null
TestTerraformConfluentPlatformExample 2022-07-27T23:37:58Z logger.go:66:               - name                       = "ksqldb"
TestTerraformConfluentPlatformExample 2022-07-27T23:37:58Z logger.go:66:               - namespace                  = "confluent"
TestTerraformConfluentPlatformExample 2022-07-27T23:37:58Z logger.go:66:               - ownerReferences            = null
TestTerraformConfluentPlatformExample 2022-07-27T23:37:58Z logger.go:66:               - resourceVersion            = null
TestTerraformConfluentPlatformExample 2022-07-27T23:37:58Z logger.go:66:               - selfLink                   = null
TestTerraformConfluentPlatformExample 2022-07-27T23:37:58Z logger.go:66:               - uid                        = null
TestTerraformConfluentPlatformExample 2022-07-27T23:37:58Z logger.go:66:             }
TestTerraformConfluentPlatformExample 2022-07-27T23:37:58Z logger.go:66:           - spec       = {
TestTerraformConfluentPlatformExample 2022-07-27T23:37:58Z logger.go:66:               - authentication                 = {
TestTerraformConfluentPlatformExample 2022-07-27T23:37:58Z logger.go:66:                   - basic = {
TestTerraformConfluentPlatformExample 2022-07-27T23:37:58Z logger.go:66:                       - debug                    = null
TestTerraformConfluentPlatformExample 2022-07-27T23:37:58Z logger.go:66:                       - directoryPathInContainer = null
TestTerraformConfluentPlatformExample 2022-07-27T23:37:58Z logger.go:66:                       - restrictedRoles          = null
TestTerraformConfluentPlatformExample 2022-07-27T23:37:58Z logger.go:66:                       - roles                    = null
TestTerraformConfluentPlatformExample 2022-07-27T23:37:58Z logger.go:66:                       - secretRef                = null
TestTerraformConfluentPlatformExample 2022-07-27T23:37:58Z logger.go:66:                     }
TestTerraformConfluentPlatformExample 2022-07-27T23:37:58Z logger.go:66:                   - type  = null
TestTerraformConfluentPlatformExample 2022-07-27T23:37:58Z logger.go:66:                 }
TestTerraformConfluentPlatformExample 2022-07-27T23:37:58Z logger.go:66:               - authorization                  = {
TestTerraformConfluentPlatformExample 2022-07-27T23:37:58Z logger.go:66:                   - kafkaRestClassRef = {
TestTerraformConfluentPlatformExample 2022-07-27T23:37:58Z logger.go:66:                       - name      = null
TestTerraformConfluentPlatformExample 2022-07-27T23:37:58Z logger.go:66:                       - namespace = null
TestTerraformConfluentPlatformExample 2022-07-27T23:37:58Z logger.go:66:                     }
TestTerraformConfluentPlatformExample 2022-07-27T23:37:58Z logger.go:66:                   - type              = null
TestTerraformConfluentPlatformExample 2022-07-27T23:37:58Z logger.go:66:                 }
TestTerraformConfluentPlatformExample 2022-07-27T23:37:58Z logger.go:66:               - configOverrides                = {
TestTerraformConfluentPlatformExample 2022-07-27T23:37:58Z logger.go:66:                   - jvm    = null
TestTerraformConfluentPlatformExample 2022-07-27T23:37:58Z logger.go:66:                   - log4j  = null
TestTerraformConfluentPlatformExample 2022-07-27T23:37:58Z logger.go:66:                   - server = null
TestTerraformConfluentPlatformExample 2022-07-27T23:37:58Z logger.go:66:                 }
TestTerraformConfluentPlatformExample 2022-07-27T23:37:58Z logger.go:66:               - dataVolumeCapacity             = "10Gi"
TestTerraformConfluentPlatformExample 2022-07-27T23:37:58Z logger.go:66:               - dependencies                   = {
TestTerraformConfluentPlatformExample 2022-07-27T23:37:58Z logger.go:66:                   - interceptor    = {
TestTerraformConfluentPlatformExample 2022-07-27T23:37:58Z logger.go:66:                       - configs   = null
TestTerraformConfluentPlatformExample 2022-07-27T23:37:58Z logger.go:66:                       - consumer  = {
TestTerraformConfluentPlatformExample 2022-07-27T23:37:58Z logger.go:66:                           - authentication    = {
TestTerraformConfluentPlatformExample 2022-07-27T23:37:58Z logger.go:66:                               - jaasConfig            = {
TestTerraformConfluentPlatformExample 2022-07-27T23:37:58Z logger.go:66:                                   - secretRef = null
TestTerraformConfluentPlatformExample 2022-07-27T23:37:58Z logger.go:66:                                 }
TestTerraformConfluentPlatformExample 2022-07-27T23:37:58Z logger.go:66:                               - jaasConfigPassThrough = {
TestTerraformConfluentPlatformExample 2022-07-27T23:37:58Z logger.go:66:                                   - directoryPathInContainer = null
TestTerraformConfluentPlatformExample 2022-07-27T23:37:58Z logger.go:66:                                   - secretRef                = null
TestTerraformConfluentPlatformExample 2022-07-27T23:37:58Z logger.go:66:                                 }
TestTerraformConfluentPlatformExample 2022-07-27T23:37:58Z logger.go:66:                               - oauthbearer           = {
TestTerraformConfluentPlatformExample 2022-07-27T23:37:58Z logger.go:66:                                   - directoryPathInContainer = null
TestTerraformConfluentPlatformExample 2022-07-27T23:37:58Z logger.go:66:                                   - secretRef                = null
TestTerraformConfluentPlatformExample 2022-07-27T23:37:58Z logger.go:66:                                 }
TestTerraformConfluentPlatformExample 2022-07-27T23:37:58Z logger.go:66:                               - type                  = null
TestTerraformConfluentPlatformExample 2022-07-27T23:37:58Z logger.go:66:                             }
TestTerraformConfluentPlatformExample 2022-07-27T23:37:58Z logger.go:66:                           - bootstrapEndpoint = null
TestTerraformConfluentPlatformExample 2022-07-27T23:37:58Z logger.go:66:                           - discovery         = {
TestTerraformConfluentPlatformExample 2022-07-27T23:37:58Z logger.go:66:                               - name      = null
TestTerraformConfluentPlatformExample 2022-07-27T23:37:58Z logger.go:66:                               - namespace = null
TestTerraformConfluentPlatformExample 2022-07-27T23:37:58Z logger.go:66:                               - secretRef = null
TestTerraformConfluentPlatformExample 2022-07-27T23:37:58Z logger.go:66:                             }
TestTerraformConfluentPlatformExample 2022-07-27T23:37:58Z logger.go:66:                           - tls               = {
TestTerraformConfluentPlatformExample 2022-07-27T23:37:58Z logger.go:66:                               - directoryPathInContainer = null
TestTerraformConfluentPlatformExample 2022-07-27T23:37:58Z logger.go:66:                               - enabled                  = null
TestTerraformConfluentPlatformExample 2022-07-27T23:37:58Z logger.go:66:                               - ignoreTrustStoreConfig   = null
TestTerraformConfluentPlatformExample 2022-07-27T23:37:58Z logger.go:66:                               - jksPassword              = {
TestTerraformConfluentPlatformExample 2022-07-27T23:37:58Z logger.go:66:                                   - secretRef = null
TestTerraformConfluentPlatformExample 2022-07-27T23:37:58Z logger.go:66:                                 }
TestTerraformConfluentPlatformExample 2022-07-27T23:37:58Z logger.go:66:                               - secretRef                = null
TestTerraformConfluentPlatformExample 2022-07-27T23:37:58Z logger.go:66:                             }
TestTerraformConfluentPlatformExample 2022-07-27T23:37:58Z logger.go:66:                         }
TestTerraformConfluentPlatformExample 2022-07-27T23:37:58Z logger.go:66:                       - enabled   = null
TestTerraformConfluentPlatformExample 2022-07-27T23:37:58Z logger.go:66:                       - producer  = {
TestTerraformConfluentPlatformExample 2022-07-27T23:37:58Z logger.go:66:                           - authentication    = {
TestTerraformConfluentPlatformExample 2022-07-27T23:37:58Z logger.go:66:                               - jaasConfig            = {
TestTerraformConfluentPlatformExample 2022-07-27T23:37:58Z logger.go:66:                                   - secretRef = null
TestTerraformConfluentPlatformExample 2022-07-27T23:37:58Z logger.go:66:                                 }
TestTerraformConfluentPlatformExample 2022-07-27T23:37:58Z logger.go:66:                               - jaasConfigPassThrough = {
TestTerraformConfluentPlatformExample 2022-07-27T23:37:58Z logger.go:66:                                   - directoryPathInContainer = null
TestTerraformConfluentPlatformExample 2022-07-27T23:37:58Z logger.go:66:                                   - secretRef                = null
TestTerraformConfluentPlatformExample 2022-07-27T23:37:58Z logger.go:66:                                 }
TestTerraformConfluentPlatformExample 2022-07-27T23:37:58Z logger.go:66:                               - oauthbearer           = {
TestTerraformConfluentPlatformExample 2022-07-27T23:37:58Z logger.go:66:                                   - directoryPathInContainer = null
TestTerraformConfluentPlatformExample 2022-07-27T23:37:58Z logger.go:66:                                   - secretRef                = null
TestTerraformConfluentPlatformExample 2022-07-27T23:37:58Z logger.go:66:                                 }
TestTerraformConfluentPlatformExample 2022-07-27T23:37:58Z logger.go:66:                               - type                  = null
TestTerraformConfluentPlatformExample 2022-07-27T23:37:58Z logger.go:66:                             }
TestTerraformConfluentPlatformExample 2022-07-27T23:37:58Z logger.go:66:                           - bootstrapEndpoint = null
TestTerraformConfluentPlatformExample 2022-07-27T23:37:58Z logger.go:66:                           - discovery         = {
TestTerraformConfluentPlatformExample 2022-07-27T23:37:58Z logger.go:66:                               - name      = null
TestTerraformConfluentPlatformExample 2022-07-27T23:37:58Z logger.go:66:                               - namespace = null
TestTerraformConfluentPlatformExample 2022-07-27T23:37:58Z logger.go:66:                               - secretRef = null
TestTerraformConfluentPlatformExample 2022-07-27T23:37:58Z logger.go:66:                             }
TestTerraformConfluentPlatformExample 2022-07-27T23:37:58Z logger.go:66:                           - tls               = {
TestTerraformConfluentPlatformExample 2022-07-27T23:37:58Z logger.go:66:                               - directoryPathInContainer = null
TestTerraformConfluentPlatformExample 2022-07-27T23:37:58Z logger.go:66:                               - enabled                  = null
TestTerraformConfluentPlatformExample 2022-07-27T23:37:58Z logger.go:66:                               - ignoreTrustStoreConfig   = null
TestTerraformConfluentPlatformExample 2022-07-27T23:37:58Z logger.go:66:                               - jksPassword              = {
TestTerraformConfluentPlatformExample 2022-07-27T23:37:58Z logger.go:66:                                   - secretRef = null
TestTerraformConfluentPlatformExample 2022-07-27T23:37:58Z logger.go:66:                                 }
TestTerraformConfluentPlatformExample 2022-07-27T23:37:58Z logger.go:66:                               - secretRef                = null
TestTerraformConfluentPlatformExample 2022-07-27T23:37:58Z logger.go:66:                             }
TestTerraformConfluentPlatformExample 2022-07-27T23:37:58Z logger.go:66:                         }
TestTerraformConfluentPlatformExample 2022-07-27T23:37:58Z logger.go:66:                       - publishMs = null
TestTerraformConfluentPlatformExample 2022-07-27T23:37:58Z logger.go:66:                     }
TestTerraformConfluentPlatformExample 2022-07-27T23:37:58Z logger.go:66:                   - kafka          = {
TestTerraformConfluentPlatformExample 2022-07-27T23:37:58Z logger.go:66:                       - authentication    = {
TestTerraformConfluentPlatformExample 2022-07-27T23:37:58Z logger.go:66:                           - jaasConfig            = {
TestTerraformConfluentPlatformExample 2022-07-27T23:37:58Z logger.go:66:                               - secretRef = null
TestTerraformConfluentPlatformExample 2022-07-27T23:37:58Z logger.go:66:                             }
TestTerraformConfluentPlatformExample 2022-07-27T23:37:58Z logger.go:66:                           - jaasConfigPassThrough = {
TestTerraformConfluentPlatformExample 2022-07-27T23:37:58Z logger.go:66:                               - directoryPathInContainer = null
TestTerraformConfluentPlatformExample 2022-07-27T23:37:58Z logger.go:66:                               - secretRef                = null
TestTerraformConfluentPlatformExample 2022-07-27T23:37:58Z logger.go:66:                             }
TestTerraformConfluentPlatformExample 2022-07-27T23:37:58Z logger.go:66:                           - oauthbearer           = {
TestTerraformConfluentPlatformExample 2022-07-27T23:37:58Z logger.go:66:                               - directoryPathInContainer = null
TestTerraformConfluentPlatformExample 2022-07-27T23:37:58Z logger.go:66:                               - secretRef                = null
TestTerraformConfluentPlatformExample 2022-07-27T23:37:58Z logger.go:66:                             }
TestTerraformConfluentPlatformExample 2022-07-27T23:37:58Z logger.go:66:                           - type                  = null
TestTerraformConfluentPlatformExample 2022-07-27T23:37:58Z logger.go:66:                         }
TestTerraformConfluentPlatformExample 2022-07-27T23:37:58Z logger.go:66:                       - bootstrapEndpoint = null
TestTerraformConfluentPlatformExample 2022-07-27T23:37:58Z logger.go:66:                       - discovery         = {
TestTerraformConfluentPlatformExample 2022-07-27T23:37:58Z logger.go:66:                           - name      = null
TestTerraformConfluentPlatformExample 2022-07-27T23:37:58Z logger.go:66:                           - namespace = null
TestTerraformConfluentPlatformExample 2022-07-27T23:37:58Z logger.go:66:                           - secretRef = null
TestTerraformConfluentPlatformExample 2022-07-27T23:37:58Z logger.go:66:                         }
TestTerraformConfluentPlatformExample 2022-07-27T23:37:58Z logger.go:66:                       - tls               = {
TestTerraformConfluentPlatformExample 2022-07-27T23:37:58Z logger.go:66:                           - directoryPathInContainer = null
TestTerraformConfluentPlatformExample 2022-07-27T23:37:58Z logger.go:66:                           - enabled                  = null
TestTerraformConfluentPlatformExample 2022-07-27T23:37:58Z logger.go:66:                           - ignoreTrustStoreConfig   = null
TestTerraformConfluentPlatformExample 2022-07-27T23:37:58Z logger.go:66:                           - jksPassword              = {
TestTerraformConfluentPlatformExample 2022-07-27T23:37:58Z logger.go:66:                               - secretRef = null
TestTerraformConfluentPlatformExample 2022-07-27T23:37:58Z logger.go:66:                             }
TestTerraformConfluentPlatformExample 2022-07-27T23:37:58Z logger.go:66:                           - secretRef                = null
TestTerraformConfluentPlatformExample 2022-07-27T23:37:58Z logger.go:66:                         }
TestTerraformConfluentPlatformExample 2022-07-27T23:37:58Z logger.go:66:                     }
TestTerraformConfluentPlatformExample 2022-07-27T23:37:58Z logger.go:66:                   - mds            = {
TestTerraformConfluentPlatformExample 2022-07-27T23:37:58Z logger.go:66:                       - authentication = {
TestTerraformConfluentPlatformExample 2022-07-27T23:37:58Z logger.go:66:                           - bearer = {
TestTerraformConfluentPlatformExample 2022-07-27T23:37:58Z logger.go:66:                               - directoryPathInContainer = null
TestTerraformConfluentPlatformExample 2022-07-27T23:37:58Z logger.go:66:                               - secretRef                = null
TestTerraformConfluentPlatformExample 2022-07-27T23:37:58Z logger.go:66:                             }
TestTerraformConfluentPlatformExample 2022-07-27T23:37:58Z logger.go:66:                           - type   = null
TestTerraformConfluentPlatformExample 2022-07-27T23:37:58Z logger.go:66:                         }
TestTerraformConfluentPlatformExample 2022-07-27T23:37:58Z logger.go:66:                       - endpoint       = null
TestTerraformConfluentPlatformExample 2022-07-27T23:37:58Z logger.go:66:                       - tls            = {
TestTerraformConfluentPlatformExample 2022-07-27T23:37:58Z logger.go:66:                           - directoryPathInContainer = null
TestTerraformConfluentPlatformExample 2022-07-27T23:37:58Z logger.go:66:                           - enabled                  = null
TestTerraformConfluentPlatformExample 2022-07-27T23:37:58Z logger.go:66:                           - ignoreTrustStoreConfig   = null
TestTerraformConfluentPlatformExample 2022-07-27T23:37:58Z logger.go:66:                           - jksPassword              = {
TestTerraformConfluentPlatformExample 2022-07-27T23:37:58Z logger.go:66:                               - secretRef = null
TestTerraformConfluentPlatformExample 2022-07-27T23:37:58Z logger.go:66:                             }
TestTerraformConfluentPlatformExample 2022-07-27T23:37:58Z logger.go:66:                           - secretRef                = null
TestTerraformConfluentPlatformExample 2022-07-27T23:37:58Z logger.go:66:                         }
TestTerraformConfluentPlatformExample 2022-07-27T23:37:58Z logger.go:66:                       - tokenKeyPair   = {
TestTerraformConfluentPlatformExample 2022-07-27T23:37:58Z logger.go:66:                           - directoryPathInContainer = null
TestTerraformConfluentPlatformExample 2022-07-27T23:37:58Z logger.go:66:                           - secretRef                = null
TestTerraformConfluentPlatformExample 2022-07-27T23:37:58Z logger.go:66:                         }
TestTerraformConfluentPlatformExample 2022-07-27T23:37:58Z logger.go:66:                     }
TestTerraformConfluentPlatformExample 2022-07-27T23:37:58Z logger.go:66:                   - schemaRegistry = {
TestTerraformConfluentPlatformExample 2022-07-27T23:37:58Z logger.go:66:                       - authentication = {
TestTerraformConfluentPlatformExample 2022-07-27T23:37:58Z logger.go:66:                           - basic = {
TestTerraformConfluentPlatformExample 2022-07-27T23:37:58Z logger.go:66:                               - debug                    = null
TestTerraformConfluentPlatformExample 2022-07-27T23:37:58Z logger.go:66:                               - directoryPathInContainer = null
TestTerraformConfluentPlatformExample 2022-07-27T23:37:58Z logger.go:66:                               - restrictedRoles          = null
TestTerraformConfluentPlatformExample 2022-07-27T23:37:58Z logger.go:66:                               - roles                    = null
TestTerraformConfluentPlatformExample 2022-07-27T23:37:58Z logger.go:66:                               - secretRef                = null
TestTerraformConfluentPlatformExample 2022-07-27T23:37:58Z logger.go:66:                             }
TestTerraformConfluentPlatformExample 2022-07-27T23:37:58Z logger.go:66:                           - type  = null
TestTerraformConfluentPlatformExample 2022-07-27T23:37:58Z logger.go:66:                         }
TestTerraformConfluentPlatformExample 2022-07-27T23:37:58Z logger.go:66:                       - tls            = {
TestTerraformConfluentPlatformExample 2022-07-27T23:37:58Z logger.go:66:                           - directoryPathInContainer = null
TestTerraformConfluentPlatformExample 2022-07-27T23:37:58Z logger.go:66:                           - enabled                  = null
TestTerraformConfluentPlatformExample 2022-07-27T23:37:58Z logger.go:66:                           - ignoreTrustStoreConfig   = null
TestTerraformConfluentPlatformExample 2022-07-27T23:37:58Z logger.go:66:                           - jksPassword              = {
TestTerraformConfluentPlatformExample 2022-07-27T23:37:58Z logger.go:66:                               - secretRef = null
TestTerraformConfluentPlatformExample 2022-07-27T23:37:58Z logger.go:66:                             }
TestTerraformConfluentPlatformExample 2022-07-27T23:37:58Z logger.go:66:                           - secretRef                = null
TestTerraformConfluentPlatformExample 2022-07-27T23:37:58Z logger.go:66:                         }
TestTerraformConfluentPlatformExample 2022-07-27T23:37:58Z logger.go:66:                       - url            = null
TestTerraformConfluentPlatformExample 2022-07-27T23:37:58Z logger.go:66:                     }
TestTerraformConfluentPlatformExample 2022-07-27T23:37:58Z logger.go:66:                 }
TestTerraformConfluentPlatformExample 2022-07-27T23:37:58Z logger.go:66:               - externalAccess                 = {
TestTerraformConfluentPlatformExample 2022-07-27T23:37:58Z logger.go:66:                   - loadBalancer = {
TestTerraformConfluentPlatformExample 2022-07-27T23:37:58Z logger.go:66:                       - advertisedURL            = {
TestTerraformConfluentPlatformExample 2022-07-27T23:37:58Z logger.go:66:                           - enabled = null
TestTerraformConfluentPlatformExample 2022-07-27T23:37:58Z logger.go:66:                           - prefix  = null
TestTerraformConfluentPlatformExample 2022-07-27T23:37:58Z logger.go:66:                         }
TestTerraformConfluentPlatformExample 2022-07-27T23:37:58Z logger.go:66:                       - annotations              = null
TestTerraformConfluentPlatformExample 2022-07-27T23:37:58Z logger.go:66:                       - domain                   = null
TestTerraformConfluentPlatformExample 2022-07-27T23:37:58Z logger.go:66:                       - externalTrafficPolicy    = null
TestTerraformConfluentPlatformExample 2022-07-27T23:37:58Z logger.go:66:                       - labels                   = null
TestTerraformConfluentPlatformExample 2022-07-27T23:37:58Z logger.go:66:                       - loadBalancerSourceRanges = null
TestTerraformConfluentPlatformExample 2022-07-27T23:37:58Z logger.go:66:                       - port                     = null
TestTerraformConfluentPlatformExample 2022-07-27T23:37:58Z logger.go:66:                       - prefix                   = null
TestTerraformConfluentPlatformExample 2022-07-27T23:37:58Z logger.go:66:                       - servicePorts             = null
TestTerraformConfluentPlatformExample 2022-07-27T23:37:58Z logger.go:66:                       - sessionAffinity          = null
TestTerraformConfluentPlatformExample 2022-07-27T23:37:58Z logger.go:66:                       - sessionAffinityConfig    = {
TestTerraformConfluentPlatformExample 2022-07-27T23:37:58Z logger.go:66:                           - clientIP = {
TestTerraformConfluentPlatformExample 2022-07-27T23:37:58Z logger.go:66:                               - timeoutSeconds = null
TestTerraformConfluentPlatformExample 2022-07-27T23:37:58Z logger.go:66:                             }
TestTerraformConfluentPlatformExample 2022-07-27T23:37:58Z logger.go:66:                         }
TestTerraformConfluentPlatformExample 2022-07-27T23:37:58Z logger.go:66:                     }
TestTerraformConfluentPlatformExample 2022-07-27T23:37:58Z logger.go:66:                   - nodePort     = {
TestTerraformConfluentPlatformExample 2022-07-27T23:37:58Z logger.go:66:                       - advertisedURL         = {
TestTerraformConfluentPlatformExample 2022-07-27T23:37:58Z logger.go:66:                           - enabled = null
TestTerraformConfluentPlatformExample 2022-07-27T23:37:58Z logger.go:66:                           - prefix  = null
TestTerraformConfluentPlatformExample 2022-07-27T23:37:58Z logger.go:66:                         }
TestTerraformConfluentPlatformExample 2022-07-27T23:37:58Z logger.go:66:                       - annotations           = null
TestTerraformConfluentPlatformExample 2022-07-27T23:37:58Z logger.go:66:                       - externalTrafficPolicy = null
TestTerraformConfluentPlatformExample 2022-07-27T23:37:58Z logger.go:66:                       - host                  = null
TestTerraformConfluentPlatformExample 2022-07-27T23:37:58Z logger.go:66:                       - labels                = null
TestTerraformConfluentPlatformExample 2022-07-27T23:37:58Z logger.go:66:                       - nodePortOffset        = null
TestTerraformConfluentPlatformExample 2022-07-27T23:37:58Z logger.go:66:                       - servicePorts          = null
TestTerraformConfluentPlatformExample 2022-07-27T23:37:58Z logger.go:66:                       - sessionAffinity       = null
TestTerraformConfluentPlatformExample 2022-07-27T23:37:58Z logger.go:66:                       - sessionAffinityConfig = {
TestTerraformConfluentPlatformExample 2022-07-27T23:37:58Z logger.go:66:                           - clientIP = {
TestTerraformConfluentPlatformExample 2022-07-27T23:37:58Z logger.go:66:                               - timeoutSeconds = null
TestTerraformConfluentPlatformExample 2022-07-27T23:37:58Z logger.go:66:                             }
TestTerraformConfluentPlatformExample 2022-07-27T23:37:58Z logger.go:66:                         }
TestTerraformConfluentPlatformExample 2022-07-27T23:37:58Z logger.go:66:                     }
TestTerraformConfluentPlatformExample 2022-07-27T23:37:58Z logger.go:66:                   - route        = {
TestTerraformConfluentPlatformExample 2022-07-27T23:37:58Z logger.go:66:                       - annotations    = null
TestTerraformConfluentPlatformExample 2022-07-27T23:37:58Z logger.go:66:                       - domain         = null
TestTerraformConfluentPlatformExample 2022-07-27T23:37:58Z logger.go:66:                       - labels         = null
TestTerraformConfluentPlatformExample 2022-07-27T23:37:58Z logger.go:66:                       - prefix         = null
TestTerraformConfluentPlatformExample 2022-07-27T23:37:58Z logger.go:66:                       - wildcardPolicy = null
TestTerraformConfluentPlatformExample 2022-07-27T23:37:58Z logger.go:66:                     }
TestTerraformConfluentPlatformExample 2022-07-27T23:37:58Z logger.go:66:                   - type         = null
TestTerraformConfluentPlatformExample 2022-07-27T23:37:58Z logger.go:66:                 }
TestTerraformConfluentPlatformExample 2022-07-27T23:37:58Z logger.go:66:               - headlessService                = {
TestTerraformConfluentPlatformExample 2022-07-27T23:37:58Z logger.go:66:                   - annotations              = null
TestTerraformConfluentPlatformExample 2022-07-27T23:37:58Z logger.go:66:                   - labels                   = null
TestTerraformConfluentPlatformExample 2022-07-27T23:37:58Z logger.go:66:                   - publishNotReadyAddresses = null
TestTerraformConfluentPlatformExample 2022-07-27T23:37:58Z logger.go:66:                 }
TestTerraformConfluentPlatformExample 2022-07-27T23:37:58Z logger.go:66:               - image                          = {
TestTerraformConfluentPlatformExample 2022-07-27T23:37:58Z logger.go:66:                   - application   = "confluentinc/cp-ksqldb-server:7.2.0"
TestTerraformConfluentPlatformExample 2022-07-27T23:37:58Z logger.go:66:                   - init          = "confluentinc/confluent-init-container:2.4.0"
TestTerraformConfluentPlatformExample 2022-07-27T23:37:58Z logger.go:66:                   - pullPolicy    = null
TestTerraformConfluentPlatformExample 2022-07-27T23:37:58Z logger.go:66:                   - pullSecretRef = null
TestTerraformConfluentPlatformExample 2022-07-27T23:37:58Z logger.go:66:                 }
TestTerraformConfluentPlatformExample 2022-07-27T23:37:58Z logger.go:66:               - injectAnnotations              = null
TestTerraformConfluentPlatformExample 2022-07-27T23:37:58Z logger.go:66:               - injectLabels                   = null
TestTerraformConfluentPlatformExample 2022-07-27T23:37:58Z logger.go:66:               - internalTopicReplicationFactor = null
TestTerraformConfluentPlatformExample 2022-07-27T23:37:58Z logger.go:66:               - k8sClusterDomain               = null
TestTerraformConfluentPlatformExample 2022-07-27T23:37:58Z logger.go:66:               - license                        = {
TestTerraformConfluentPlatformExample 2022-07-27T23:37:58Z logger.go:66:                   - directoryPathInContainer = null
TestTerraformConfluentPlatformExample 2022-07-27T23:37:58Z logger.go:66:                   - globalLicense            = null
TestTerraformConfluentPlatformExample 2022-07-27T23:37:58Z logger.go:66:                   - secretRef                = null
TestTerraformConfluentPlatformExample 2022-07-27T23:37:58Z logger.go:66:                 }
TestTerraformConfluentPlatformExample 2022-07-27T23:37:58Z logger.go:66:               - metrics                        = {
TestTerraformConfluentPlatformExample 2022-07-27T23:37:58Z logger.go:66:                   - authentication = {
TestTerraformConfluentPlatformExample 2022-07-27T23:37:58Z logger.go:66:                       - type = null
TestTerraformConfluentPlatformExample 2022-07-27T23:37:58Z logger.go:66:                     }
TestTerraformConfluentPlatformExample 2022-07-27T23:37:58Z logger.go:66:                   - prometheus     = {
TestTerraformConfluentPlatformExample 2022-07-27T23:37:58Z logger.go:66:                       - blacklist = null
TestTerraformConfluentPlatformExample 2022-07-27T23:37:58Z logger.go:66:                       - rules     = null
TestTerraformConfluentPlatformExample 2022-07-27T23:37:58Z logger.go:66:                       - whitelist = null
TestTerraformConfluentPlatformExample 2022-07-27T23:37:58Z logger.go:66:                     }
TestTerraformConfluentPlatformExample 2022-07-27T23:37:58Z logger.go:66:                   - tls            = {
TestTerraformConfluentPlatformExample 2022-07-27T23:37:58Z logger.go:66:                       - directoryPathInContainer = null
TestTerraformConfluentPlatformExample 2022-07-27T23:37:58Z logger.go:66:                       - enabled                  = null
TestTerraformConfluentPlatformExample 2022-07-27T23:37:58Z logger.go:66:                       - ignoreTrustStoreConfig   = null
TestTerraformConfluentPlatformExample 2022-07-27T23:37:58Z logger.go:66:                       - jksPassword              = {
TestTerraformConfluentPlatformExample 2022-07-27T23:37:58Z logger.go:66:                           - secretRef = null
TestTerraformConfluentPlatformExample 2022-07-27T23:37:58Z logger.go:66:                         }
TestTerraformConfluentPlatformExample 2022-07-27T23:37:58Z logger.go:66:                       - secretRef                = null
TestTerraformConfluentPlatformExample 2022-07-27T23:37:58Z logger.go:66:                     }
TestTerraformConfluentPlatformExample 2022-07-27T23:37:58Z logger.go:66:                 }
TestTerraformConfluentPlatformExample 2022-07-27T23:37:58Z logger.go:66:               - mountedSecrets                 = null
TestTerraformConfluentPlatformExample 2022-07-27T23:37:58Z logger.go:66:               - mountedVolumes                 = {
TestTerraformConfluentPlatformExample 2022-07-27T23:37:58Z logger.go:66:                   - volumeMounts = null
TestTerraformConfluentPlatformExample 2022-07-27T23:37:58Z logger.go:66:                   - volumes      = null
TestTerraformConfluentPlatformExample 2022-07-27T23:37:58Z logger.go:66:                 }
TestTerraformConfluentPlatformExample 2022-07-27T23:37:58Z logger.go:66:               - oneReplicaPerNode              = null
TestTerraformConfluentPlatformExample 2022-07-27T23:37:58Z logger.go:66:               - podTemplate                    = {
TestTerraformConfluentPlatformExample 2022-07-27T23:37:58Z logger.go:66:                   - affinity                      = {
TestTerraformConfluentPlatformExample 2022-07-27T23:37:58Z logger.go:66:                       - nodeAffinity    = {
TestTerraformConfluentPlatformExample 2022-07-27T23:37:58Z logger.go:66:                           - preferredDuringSchedulingIgnoredDuringExecution = null
TestTerraformConfluentPlatformExample 2022-07-27T23:37:58Z logger.go:66:                           - requiredDuringSchedulingIgnoredDuringExecution  = {
TestTerraformConfluentPlatformExample 2022-07-27T23:37:58Z logger.go:66:                               - nodeSelectorTerms = null
TestTerraformConfluentPlatformExample 2022-07-27T23:37:58Z logger.go:66:                             }
TestTerraformConfluentPlatformExample 2022-07-27T23:37:58Z logger.go:66:                         }
TestTerraformConfluentPlatformExample 2022-07-27T23:37:58Z logger.go:66:                       - podAffinity     = {
TestTerraformConfluentPlatformExample 2022-07-27T23:37:58Z logger.go:66:                           - preferredDuringSchedulingIgnoredDuringExecution = null
TestTerraformConfluentPlatformExample 2022-07-27T23:37:58Z logger.go:66:                           - requiredDuringSchedulingIgnoredDuringExecution  = null
TestTerraformConfluentPlatformExample 2022-07-27T23:37:58Z logger.go:66:                         }
TestTerraformConfluentPlatformExample 2022-07-27T23:37:58Z logger.go:66:                       - podAntiAffinity = {
TestTerraformConfluentPlatformExample 2022-07-27T23:37:58Z logger.go:66:                           - preferredDuringSchedulingIgnoredDuringExecution = null
TestTerraformConfluentPlatformExample 2022-07-27T23:37:58Z logger.go:66:                           - requiredDuringSchedulingIgnoredDuringExecution  = null
TestTerraformConfluentPlatformExample 2022-07-27T23:37:58Z logger.go:66:                         }
TestTerraformConfluentPlatformExample 2022-07-27T23:37:58Z logger.go:66:                     }
TestTerraformConfluentPlatformExample 2022-07-27T23:37:58Z logger.go:66:                   - annotations                   = null
TestTerraformConfluentPlatformExample 2022-07-27T23:37:58Z logger.go:66:                   - envVars                       = null
TestTerraformConfluentPlatformExample 2022-07-27T23:37:58Z logger.go:66:                   - labels                        = null
TestTerraformConfluentPlatformExample 2022-07-27T23:37:58Z logger.go:66:                   - podSecurityContext            = {
TestTerraformConfluentPlatformExample 2022-07-27T23:37:58Z logger.go:66:                       - fsGroup             = null
TestTerraformConfluentPlatformExample 2022-07-27T23:37:58Z logger.go:66:                       - fsGroupChangePolicy = null
TestTerraformConfluentPlatformExample 2022-07-27T23:37:58Z logger.go:66:                       - runAsGroup          = null
TestTerraformConfluentPlatformExample 2022-07-27T23:37:58Z logger.go:66:                       - runAsNonRoot        = null
TestTerraformConfluentPlatformExample 2022-07-27T23:37:58Z logger.go:66:                       - runAsUser           = null
TestTerraformConfluentPlatformExample 2022-07-27T23:37:58Z logger.go:66:                       - seLinuxOptions      = {
TestTerraformConfluentPlatformExample 2022-07-27T23:37:58Z logger.go:66:                           - level = null
TestTerraformConfluentPlatformExample 2022-07-27T23:37:58Z logger.go:66:                           - role  = null
TestTerraformConfluentPlatformExample 2022-07-27T23:37:58Z logger.go:66:                           - type  = null
TestTerraformConfluentPlatformExample 2022-07-27T23:37:58Z logger.go:66:                           - user  = null
TestTerraformConfluentPlatformExample 2022-07-27T23:37:58Z logger.go:66:                         }
TestTerraformConfluentPlatformExample 2022-07-27T23:37:58Z logger.go:66:                       - seccompProfile      = {
TestTerraformConfluentPlatformExample 2022-07-27T23:37:58Z logger.go:66:                           - localhostProfile = null
TestTerraformConfluentPlatformExample 2022-07-27T23:37:58Z logger.go:66:                           - type             = null
TestTerraformConfluentPlatformExample 2022-07-27T23:37:58Z logger.go:66:                         }
TestTerraformConfluentPlatformExample 2022-07-27T23:37:58Z logger.go:66:                       - supplementalGroups  = null
TestTerraformConfluentPlatformExample 2022-07-27T23:37:58Z logger.go:66:                       - sysctls             = null
TestTerraformConfluentPlatformExample 2022-07-27T23:37:58Z logger.go:66:                       - windowsOptions      = {
TestTerraformConfluentPlatformExample 2022-07-27T23:37:58Z logger.go:66:                           - gmsaCredentialSpec     = null
TestTerraformConfluentPlatformExample 2022-07-27T23:37:58Z logger.go:66:                           - gmsaCredentialSpecName = null
TestTerraformConfluentPlatformExample 2022-07-27T23:37:58Z logger.go:66:                           - hostProcess            = null
TestTerraformConfluentPlatformExample 2022-07-27T23:37:58Z logger.go:66:                           - runAsUserName          = null
TestTerraformConfluentPlatformExample 2022-07-27T23:37:58Z logger.go:66:                         }
TestTerraformConfluentPlatformExample 2022-07-27T23:37:58Z logger.go:66:                     }
TestTerraformConfluentPlatformExample 2022-07-27T23:37:58Z logger.go:66:                   - priorityClassName             = null
TestTerraformConfluentPlatformExample 2022-07-27T23:37:58Z logger.go:66:                   - probe                         = {
TestTerraformConfluentPlatformExample 2022-07-27T23:37:58Z logger.go:66:                       - liveness  = {
TestTerraformConfluentPlatformExample 2022-07-27T23:37:58Z logger.go:66:                           - failureThreshold    = null
TestTerraformConfluentPlatformExample 2022-07-27T23:37:58Z logger.go:66:                           - initialDelaySeconds = null
TestTerraformConfluentPlatformExample 2022-07-27T23:37:58Z logger.go:66:                           - periodSeconds       = null
TestTerraformConfluentPlatformExample 2022-07-27T23:37:58Z logger.go:66:                           - successThreshold    = null
TestTerraformConfluentPlatformExample 2022-07-27T23:37:58Z logger.go:66:                           - timeoutSeconds      = null
TestTerraformConfluentPlatformExample 2022-07-27T23:37:58Z logger.go:66:                         }
TestTerraformConfluentPlatformExample 2022-07-27T23:37:58Z logger.go:66:                       - readiness = {
TestTerraformConfluentPlatformExample 2022-07-27T23:37:58Z logger.go:66:                           - failureThreshold    = null
TestTerraformConfluentPlatformExample 2022-07-27T23:37:58Z logger.go:66:                           - initialDelaySeconds = null
TestTerraformConfluentPlatformExample 2022-07-27T23:37:58Z logger.go:66:                           - periodSeconds       = null
TestTerraformConfluentPlatformExample 2022-07-27T23:37:58Z logger.go:66:                           - successThreshold    = null
TestTerraformConfluentPlatformExample 2022-07-27T23:37:58Z logger.go:66:                           - timeoutSeconds      = null
TestTerraformConfluentPlatformExample 2022-07-27T23:37:58Z logger.go:66:                         }
TestTerraformConfluentPlatformExample 2022-07-27T23:37:58Z logger.go:66:                     }
TestTerraformConfluentPlatformExample 2022-07-27T23:37:58Z logger.go:66:                   - resources                     = {
TestTerraformConfluentPlatformExample 2022-07-27T23:37:58Z logger.go:66:                       - limits   = null
TestTerraformConfluentPlatformExample 2022-07-27T23:37:58Z logger.go:66:                       - requests = null
TestTerraformConfluentPlatformExample 2022-07-27T23:37:58Z logger.go:66:                     }
TestTerraformConfluentPlatformExample 2022-07-27T23:37:58Z logger.go:66:                   - securityContext               = {
TestTerraformConfluentPlatformExample 2022-07-27T23:37:58Z logger.go:66:                       - allowPrivilegeEscalation = null
TestTerraformConfluentPlatformExample 2022-07-27T23:37:58Z logger.go:66:                       - capabilities             = {
TestTerraformConfluentPlatformExample 2022-07-27T23:37:58Z logger.go:66:                           - add  = null
TestTerraformConfluentPlatformExample 2022-07-27T23:37:58Z logger.go:66:                           - drop = null
TestTerraformConfluentPlatformExample 2022-07-27T23:37:58Z logger.go:66:                         }
TestTerraformConfluentPlatformExample 2022-07-27T23:37:58Z logger.go:66:                       - privileged               = null
TestTerraformConfluentPlatformExample 2022-07-27T23:37:58Z logger.go:66:                       - procMount                = null
TestTerraformConfluentPlatformExample 2022-07-27T23:37:58Z logger.go:66:                       - readOnlyRootFilesystem   = null
TestTerraformConfluentPlatformExample 2022-07-27T23:37:58Z logger.go:66:                       - runAsGroup               = null
TestTerraformConfluentPlatformExample 2022-07-27T23:37:58Z logger.go:66:                       - runAsNonRoot             = null
TestTerraformConfluentPlatformExample 2022-07-27T23:37:58Z logger.go:66:                       - runAsUser                = null
TestTerraformConfluentPlatformExample 2022-07-27T23:37:58Z logger.go:66:                       - seLinuxOptions           = {
TestTerraformConfluentPlatformExample 2022-07-27T23:37:58Z logger.go:66:                           - level = null
TestTerraformConfluentPlatformExample 2022-07-27T23:37:58Z logger.go:66:                           - role  = null
TestTerraformConfluentPlatformExample 2022-07-27T23:37:58Z logger.go:66:                           - type  = null
TestTerraformConfluentPlatformExample 2022-07-27T23:37:58Z logger.go:66:                           - user  = null
TestTerraformConfluentPlatformExample 2022-07-27T23:37:58Z logger.go:66:                         }
TestTerraformConfluentPlatformExample 2022-07-27T23:37:58Z logger.go:66:                       - seccompProfile           = {
TestTerraformConfluentPlatformExample 2022-07-27T23:37:58Z logger.go:66:                           - localhostProfile = null
TestTerraformConfluentPlatformExample 2022-07-27T23:37:58Z logger.go:66:                           - type             = null
TestTerraformConfluentPlatformExample 2022-07-27T23:37:58Z logger.go:66:                         }
TestTerraformConfluentPlatformExample 2022-07-27T23:37:58Z logger.go:66:                       - windowsOptions           = {
TestTerraformConfluentPlatformExample 2022-07-27T23:37:58Z logger.go:66:                           - gmsaCredentialSpec     = null
TestTerraformConfluentPlatformExample 2022-07-27T23:37:58Z logger.go:66:                           - gmsaCredentialSpecName = null
TestTerraformConfluentPlatformExample 2022-07-27T23:37:58Z logger.go:66:                           - hostProcess            = null
TestTerraformConfluentPlatformExample 2022-07-27T23:37:58Z logger.go:66:                           - runAsUserName          = null
TestTerraformConfluentPlatformExample 2022-07-27T23:37:58Z logger.go:66:                         }
TestTerraformConfluentPlatformExample 2022-07-27T23:37:58Z logger.go:66:                     }
TestTerraformConfluentPlatformExample 2022-07-27T23:37:58Z logger.go:66:                   - serviceAccountName            = null
TestTerraformConfluentPlatformExample 2022-07-27T23:37:58Z logger.go:66:                   - terminationGracePeriodSeconds = null
TestTerraformConfluentPlatformExample 2022-07-27T23:37:58Z logger.go:66:                   - tolerations                   = null
TestTerraformConfluentPlatformExample 2022-07-27T23:37:58Z logger.go:66:                   - topologySpreadConstraints     = null
TestTerraformConfluentPlatformExample 2022-07-27T23:37:58Z logger.go:66:                 }
TestTerraformConfluentPlatformExample 2022-07-27T23:37:58Z logger.go:66:               - replicas                       = 1
TestTerraformConfluentPlatformExample 2022-07-27T23:37:58Z logger.go:66:               - storageClass                   = {
TestTerraformConfluentPlatformExample 2022-07-27T23:37:58Z logger.go:66:                   - name = null
TestTerraformConfluentPlatformExample 2022-07-27T23:37:58Z logger.go:66:                 }
TestTerraformConfluentPlatformExample 2022-07-27T23:37:58Z logger.go:66:               - telemetry                      = {
TestTerraformConfluentPlatformExample 2022-07-27T23:37:58Z logger.go:66:                   - global = null
TestTerraformConfluentPlatformExample 2022-07-27T23:37:58Z logger.go:66:                 }
TestTerraformConfluentPlatformExample 2022-07-27T23:37:58Z logger.go:66:               - tls                            = {
TestTerraformConfluentPlatformExample 2022-07-27T23:37:58Z logger.go:66:                   - autoGeneratedCerts       = null
TestTerraformConfluentPlatformExample 2022-07-27T23:37:58Z logger.go:66:                   - directoryPathInContainer = null
TestTerraformConfluentPlatformExample 2022-07-27T23:37:58Z logger.go:66:                   - ignoreTrustStoreConfig   = null
TestTerraformConfluentPlatformExample 2022-07-27T23:37:58Z logger.go:66:                   - jksPassword              = {
TestTerraformConfluentPlatformExample 2022-07-27T23:37:58Z logger.go:66:                       - secretRef = null
TestTerraformConfluentPlatformExample 2022-07-27T23:37:58Z logger.go:66:                     }
TestTerraformConfluentPlatformExample 2022-07-27T23:37:58Z logger.go:66:                   - secretRef                = null
TestTerraformConfluentPlatformExample 2022-07-27T23:37:58Z logger.go:66:                 }
TestTerraformConfluentPlatformExample 2022-07-27T23:37:58Z logger.go:66:             }
TestTerraformConfluentPlatformExample 2022-07-27T23:37:58Z logger.go:66:         } -> null
TestTerraformConfluentPlatformExample 2022-07-27T23:37:58Z logger.go:66:
TestTerraformConfluentPlatformExample 2022-07-27T23:37:58Z logger.go:66:       - timeouts {
TestTerraformConfluentPlatformExample 2022-07-27T23:37:58Z logger.go:66:           - create = "1h" -> null
TestTerraformConfluentPlatformExample 2022-07-27T23:37:58Z logger.go:66:           - delete = "5m" -> null
TestTerraformConfluentPlatformExample 2022-07-27T23:37:58Z logger.go:66:           - update = "1h" -> null
TestTerraformConfluentPlatformExample 2022-07-27T23:37:58Z logger.go:66:         }
TestTerraformConfluentPlatformExample 2022-07-27T23:37:58Z logger.go:66:
TestTerraformConfluentPlatformExample 2022-07-27T23:37:58Z logger.go:66:       - wait {
TestTerraformConfluentPlatformExample 2022-07-27T23:37:58Z logger.go:66:           - fields = {
TestTerraformConfluentPlatformExample 2022-07-27T23:37:58Z logger.go:66:               - "status.phase" = "RUNNING"
TestTerraformConfluentPlatformExample 2022-07-27T23:37:58Z logger.go:66:             } -> null
TestTerraformConfluentPlatformExample 2022-07-27T23:37:58Z logger.go:66:         }
TestTerraformConfluentPlatformExample 2022-07-27T23:37:58Z logger.go:66:     }
TestTerraformConfluentPlatformExample 2022-07-27T23:37:58Z logger.go:66:
TestTerraformConfluentPlatformExample 2022-07-27T23:37:58Z logger.go:66:   # module.confluent_platform.kubernetes_manifest.schemaregistry[0] will be destroyed
TestTerraformConfluentPlatformExample 2022-07-27T23:37:58Z logger.go:66:   - resource "kubernetes_manifest" "schemaregistry" {
TestTerraformConfluentPlatformExample 2022-07-27T23:37:58Z logger.go:66:       - computed_fields = [
TestTerraformConfluentPlatformExample 2022-07-27T23:37:58Z logger.go:66:           - "metadata.finalizers",
TestTerraformConfluentPlatformExample 2022-07-27T23:37:58Z logger.go:66:         ] -> null
TestTerraformConfluentPlatformExample 2022-07-27T23:37:58Z logger.go:66:       - manifest        = {
TestTerraformConfluentPlatformExample 2022-07-27T23:37:58Z logger.go:66:           - apiVersion = "platform.confluent.io/v1beta1"
TestTerraformConfluentPlatformExample 2022-07-27T23:37:58Z logger.go:66:           - kind       = "SchemaRegistry"
TestTerraformConfluentPlatformExample 2022-07-27T23:37:58Z logger.go:66:           - metadata   = {
TestTerraformConfluentPlatformExample 2022-07-27T23:37:58Z logger.go:66:               - name      = "schemaregistry"
TestTerraformConfluentPlatformExample 2022-07-27T23:37:58Z logger.go:66:               - namespace = "confluent"
TestTerraformConfluentPlatformExample 2022-07-27T23:37:58Z logger.go:66:             }
TestTerraformConfluentPlatformExample 2022-07-27T23:37:58Z logger.go:66:           - spec       = {
TestTerraformConfluentPlatformExample 2022-07-27T23:37:58Z logger.go:66:               - image    = {
TestTerraformConfluentPlatformExample 2022-07-27T23:37:58Z logger.go:66:                   - application = "confluentinc/cp-schema-registry:7.2.0"
TestTerraformConfluentPlatformExample 2022-07-27T23:37:58Z logger.go:66:                   - init        = "confluentinc/confluent-init-container:2.4.0"
TestTerraformConfluentPlatformExample 2022-07-27T23:37:58Z logger.go:66:                 }
TestTerraformConfluentPlatformExample 2022-07-27T23:37:58Z logger.go:66:               - replicas = 3
TestTerraformConfluentPlatformExample 2022-07-27T23:37:58Z logger.go:66:             }
TestTerraformConfluentPlatformExample 2022-07-27T23:37:58Z logger.go:66:         } -> null
TestTerraformConfluentPlatformExample 2022-07-27T23:37:58Z logger.go:66:       - object          = {
TestTerraformConfluentPlatformExample 2022-07-27T23:37:58Z logger.go:66:           - apiVersion = "platform.confluent.io/v1beta1"
TestTerraformConfluentPlatformExample 2022-07-27T23:37:58Z logger.go:66:           - kind       = "SchemaRegistry"
TestTerraformConfluentPlatformExample 2022-07-27T23:37:58Z logger.go:66:           - metadata   = {
TestTerraformConfluentPlatformExample 2022-07-27T23:37:58Z logger.go:66:               - annotations                = null
TestTerraformConfluentPlatformExample 2022-07-27T23:37:58Z logger.go:66:               - clusterName                = null
TestTerraformConfluentPlatformExample 2022-07-27T23:37:58Z logger.go:66:               - creationTimestamp          = null
TestTerraformConfluentPlatformExample 2022-07-27T23:37:58Z logger.go:66:               - deletionGracePeriodSeconds = null
TestTerraformConfluentPlatformExample 2022-07-27T23:37:58Z logger.go:66:               - deletionTimestamp          = null
TestTerraformConfluentPlatformExample 2022-07-27T23:37:58Z logger.go:66:               - finalizers                 = [
TestTerraformConfluentPlatformExample 2022-07-27T23:37:58Z logger.go:66:                   - "schemaregistry.finalizers.platform.confluent.io",
TestTerraformConfluentPlatformExample 2022-07-27T23:37:58Z logger.go:66:                 ]
TestTerraformConfluentPlatformExample 2022-07-27T23:37:58Z logger.go:66:               - generateName               = null
TestTerraformConfluentPlatformExample 2022-07-27T23:37:58Z logger.go:66:               - generation                 = null
TestTerraformConfluentPlatformExample 2022-07-27T23:37:58Z logger.go:66:               - labels                     = null
TestTerraformConfluentPlatformExample 2022-07-27T23:37:58Z logger.go:66:               - managedFields              = null
TestTerraformConfluentPlatformExample 2022-07-27T23:37:58Z logger.go:66:               - name                       = "schemaregistry"
TestTerraformConfluentPlatformExample 2022-07-27T23:37:58Z logger.go:66:               - namespace                  = "confluent"
TestTerraformConfluentPlatformExample 2022-07-27T23:37:58Z logger.go:66:               - ownerReferences            = null
TestTerraformConfluentPlatformExample 2022-07-27T23:37:58Z logger.go:66:               - resourceVersion            = null
TestTerraformConfluentPlatformExample 2022-07-27T23:37:58Z logger.go:66:               - selfLink                   = null
TestTerraformConfluentPlatformExample 2022-07-27T23:37:58Z logger.go:66:               - uid                        = null
TestTerraformConfluentPlatformExample 2022-07-27T23:37:58Z logger.go:66:             }
TestTerraformConfluentPlatformExample 2022-07-27T23:37:58Z logger.go:66:           - spec       = {
TestTerraformConfluentPlatformExample 2022-07-27T23:37:58Z logger.go:66:               - authentication                = {
TestTerraformConfluentPlatformExample 2022-07-27T23:37:58Z logger.go:66:                   - basic = {
TestTerraformConfluentPlatformExample 2022-07-27T23:37:58Z logger.go:66:                       - debug                    = null
TestTerraformConfluentPlatformExample 2022-07-27T23:37:58Z logger.go:66:                       - directoryPathInContainer = null
TestTerraformConfluentPlatformExample 2022-07-27T23:37:58Z logger.go:66:                       - restrictedRoles          = null
TestTerraformConfluentPlatformExample 2022-07-27T23:37:58Z logger.go:66:                       - roles                    = null
TestTerraformConfluentPlatformExample 2022-07-27T23:37:58Z logger.go:66:                       - secretRef                = null
TestTerraformConfluentPlatformExample 2022-07-27T23:37:58Z logger.go:66:                     }
TestTerraformConfluentPlatformExample 2022-07-27T23:37:58Z logger.go:66:                   - type  = null
TestTerraformConfluentPlatformExample 2022-07-27T23:37:58Z logger.go:66:                 }
TestTerraformConfluentPlatformExample 2022-07-27T23:37:58Z logger.go:66:               - authorization                 = {
TestTerraformConfluentPlatformExample 2022-07-27T23:37:58Z logger.go:66:                   - kafkaRestClassRef = {
TestTerraformConfluentPlatformExample 2022-07-27T23:37:58Z logger.go:66:                       - name      = null
TestTerraformConfluentPlatformExample 2022-07-27T23:37:58Z logger.go:66:                       - namespace = null
TestTerraformConfluentPlatformExample 2022-07-27T23:37:58Z logger.go:66:                     }
TestTerraformConfluentPlatformExample 2022-07-27T23:37:58Z logger.go:66:                   - type              = null
TestTerraformConfluentPlatformExample 2022-07-27T23:37:58Z logger.go:66:                 }
TestTerraformConfluentPlatformExample 2022-07-27T23:37:58Z logger.go:66:               - configOverrides               = {
TestTerraformConfluentPlatformExample 2022-07-27T23:37:58Z logger.go:66:                   - jvm    = null
TestTerraformConfluentPlatformExample 2022-07-27T23:37:58Z logger.go:66:                   - log4j  = null
TestTerraformConfluentPlatformExample 2022-07-27T23:37:58Z logger.go:66:                   - server = null
TestTerraformConfluentPlatformExample 2022-07-27T23:37:58Z logger.go:66:                 }
TestTerraformConfluentPlatformExample 2022-07-27T23:37:58Z logger.go:66:               - dependencies                  = {
TestTerraformConfluentPlatformExample 2022-07-27T23:37:58Z logger.go:66:                   - kafka = {
TestTerraformConfluentPlatformExample 2022-07-27T23:37:58Z logger.go:66:                       - authentication    = {
TestTerraformConfluentPlatformExample 2022-07-27T23:37:58Z logger.go:66:                           - jaasConfig            = {
TestTerraformConfluentPlatformExample 2022-07-27T23:37:58Z logger.go:66:                               - secretRef = null
TestTerraformConfluentPlatformExample 2022-07-27T23:37:58Z logger.go:66:                             }
TestTerraformConfluentPlatformExample 2022-07-27T23:37:58Z logger.go:66:                           - jaasConfigPassThrough = {
TestTerraformConfluentPlatformExample 2022-07-27T23:37:58Z logger.go:66:                               - directoryPathInContainer = null
TestTerraformConfluentPlatformExample 2022-07-27T23:37:58Z logger.go:66:                               - secretRef                = null
TestTerraformConfluentPlatformExample 2022-07-27T23:37:58Z logger.go:66:                             }
TestTerraformConfluentPlatformExample 2022-07-27T23:37:58Z logger.go:66:                           - oauthbearer           = {
TestTerraformConfluentPlatformExample 2022-07-27T23:37:58Z logger.go:66:                               - directoryPathInContainer = null
TestTerraformConfluentPlatformExample 2022-07-27T23:37:58Z logger.go:66:                               - secretRef                = null
TestTerraformConfluentPlatformExample 2022-07-27T23:37:58Z logger.go:66:                             }
TestTerraformConfluentPlatformExample 2022-07-27T23:37:58Z logger.go:66:                           - type                  = null
TestTerraformConfluentPlatformExample 2022-07-27T23:37:58Z logger.go:66:                         }
TestTerraformConfluentPlatformExample 2022-07-27T23:37:58Z logger.go:66:                       - bootstrapEndpoint = null
TestTerraformConfluentPlatformExample 2022-07-27T23:37:58Z logger.go:66:                       - discovery         = {
TestTerraformConfluentPlatformExample 2022-07-27T23:37:58Z logger.go:66:                           - name      = null
TestTerraformConfluentPlatformExample 2022-07-27T23:37:58Z logger.go:66:                           - namespace = null
TestTerraformConfluentPlatformExample 2022-07-27T23:37:58Z logger.go:66:                           - secretRef = null
TestTerraformConfluentPlatformExample 2022-07-27T23:37:58Z logger.go:66:                         }
TestTerraformConfluentPlatformExample 2022-07-27T23:37:58Z logger.go:66:                       - tls               = {
TestTerraformConfluentPlatformExample 2022-07-27T23:37:58Z logger.go:66:                           - directoryPathInContainer = null
TestTerraformConfluentPlatformExample 2022-07-27T23:37:58Z logger.go:66:                           - enabled                  = null
TestTerraformConfluentPlatformExample 2022-07-27T23:37:58Z logger.go:66:                           - ignoreTrustStoreConfig   = null
TestTerraformConfluentPlatformExample 2022-07-27T23:37:58Z logger.go:66:                           - jksPassword              = {
TestTerraformConfluentPlatformExample 2022-07-27T23:37:58Z logger.go:66:                               - secretRef = null
TestTerraformConfluentPlatformExample 2022-07-27T23:37:58Z logger.go:66:                             }
TestTerraformConfluentPlatformExample 2022-07-27T23:37:58Z logger.go:66:                           - secretRef                = null
TestTerraformConfluentPlatformExample 2022-07-27T23:37:58Z logger.go:66:                         }
TestTerraformConfluentPlatformExample 2022-07-27T23:37:58Z logger.go:66:                     }
TestTerraformConfluentPlatformExample 2022-07-27T23:37:58Z logger.go:66:                   - mds   = {
TestTerraformConfluentPlatformExample 2022-07-27T23:37:58Z logger.go:66:                       - authentication = {
TestTerraformConfluentPlatformExample 2022-07-27T23:37:58Z logger.go:66:                           - bearer = {
TestTerraformConfluentPlatformExample 2022-07-27T23:37:58Z logger.go:66:                               - directoryPathInContainer = null
TestTerraformConfluentPlatformExample 2022-07-27T23:37:58Z logger.go:66:                               - secretRef                = null
TestTerraformConfluentPlatformExample 2022-07-27T23:37:58Z logger.go:66:                             }
TestTerraformConfluentPlatformExample 2022-07-27T23:37:58Z logger.go:66:                           - type   = null
TestTerraformConfluentPlatformExample 2022-07-27T23:37:58Z logger.go:66:                         }
TestTerraformConfluentPlatformExample 2022-07-27T23:37:58Z logger.go:66:                       - endpoint       = null
TestTerraformConfluentPlatformExample 2022-07-27T23:37:58Z logger.go:66:                       - tls            = {
TestTerraformConfluentPlatformExample 2022-07-27T23:37:58Z logger.go:66:                           - directoryPathInContainer = null
TestTerraformConfluentPlatformExample 2022-07-27T23:37:58Z logger.go:66:                           - enabled                  = null
TestTerraformConfluentPlatformExample 2022-07-27T23:37:58Z logger.go:66:                           - ignoreTrustStoreConfig   = null
TestTerraformConfluentPlatformExample 2022-07-27T23:37:58Z logger.go:66:                           - jksPassword              = {
TestTerraformConfluentPlatformExample 2022-07-27T23:37:58Z logger.go:66:                               - secretRef = null
TestTerraformConfluentPlatformExample 2022-07-27T23:37:58Z logger.go:66:                             }
TestTerraformConfluentPlatformExample 2022-07-27T23:37:58Z logger.go:66:                           - secretRef                = null
TestTerraformConfluentPlatformExample 2022-07-27T23:37:58Z logger.go:66:                         }
TestTerraformConfluentPlatformExample 2022-07-27T23:37:58Z logger.go:66:                       - tokenKeyPair   = {
TestTerraformConfluentPlatformExample 2022-07-27T23:37:58Z logger.go:66:                           - directoryPathInContainer = null
TestTerraformConfluentPlatformExample 2022-07-27T23:37:58Z logger.go:66:                           - secretRef                = null
TestTerraformConfluentPlatformExample 2022-07-27T23:37:58Z logger.go:66:                         }
TestTerraformConfluentPlatformExample 2022-07-27T23:37:58Z logger.go:66:                     }
TestTerraformConfluentPlatformExample 2022-07-27T23:37:58Z logger.go:66:                 }
TestTerraformConfluentPlatformExample 2022-07-27T23:37:58Z logger.go:66:               - enableSchemaExporter          = null
TestTerraformConfluentPlatformExample 2022-07-27T23:37:58Z logger.go:66:               - externalAccess                = {
TestTerraformConfluentPlatformExample 2022-07-27T23:37:58Z logger.go:66:                   - loadBalancer = {
TestTerraformConfluentPlatformExample 2022-07-27T23:37:58Z logger.go:66:                       - advertisedURL            = {
TestTerraformConfluentPlatformExample 2022-07-27T23:37:58Z logger.go:66:                           - enabled = null
TestTerraformConfluentPlatformExample 2022-07-27T23:37:58Z logger.go:66:                           - prefix  = null
TestTerraformConfluentPlatformExample 2022-07-27T23:37:58Z logger.go:66:                         }
TestTerraformConfluentPlatformExample 2022-07-27T23:37:58Z logger.go:66:                       - annotations              = null
TestTerraformConfluentPlatformExample 2022-07-27T23:37:58Z logger.go:66:                       - domain                   = null
TestTerraformConfluentPlatformExample 2022-07-27T23:37:58Z logger.go:66:                       - externalTrafficPolicy    = null
TestTerraformConfluentPlatformExample 2022-07-27T23:37:58Z logger.go:66:                       - labels                   = null
TestTerraformConfluentPlatformExample 2022-07-27T23:37:58Z logger.go:66:                       - loadBalancerSourceRanges = null
TestTerraformConfluentPlatformExample 2022-07-27T23:37:58Z logger.go:66:                       - port                     = null
TestTerraformConfluentPlatformExample 2022-07-27T23:37:58Z logger.go:66:                       - prefix                   = null
TestTerraformConfluentPlatformExample 2022-07-27T23:37:58Z logger.go:66:                       - servicePorts             = null
TestTerraformConfluentPlatformExample 2022-07-27T23:37:58Z logger.go:66:                       - sessionAffinity          = null
TestTerraformConfluentPlatformExample 2022-07-27T23:37:58Z logger.go:66:                       - sessionAffinityConfig    = {
TestTerraformConfluentPlatformExample 2022-07-27T23:37:58Z logger.go:66:                           - clientIP = {
TestTerraformConfluentPlatformExample 2022-07-27T23:37:58Z logger.go:66:                               - timeoutSeconds = null
TestTerraformConfluentPlatformExample 2022-07-27T23:37:58Z logger.go:66:                             }
TestTerraformConfluentPlatformExample 2022-07-27T23:37:58Z logger.go:66:                         }
TestTerraformConfluentPlatformExample 2022-07-27T23:37:58Z logger.go:66:                     }
TestTerraformConfluentPlatformExample 2022-07-27T23:37:58Z logger.go:66:                   - nodePort     = {
TestTerraformConfluentPlatformExample 2022-07-27T23:37:58Z logger.go:66:                       - advertisedURL         = {
TestTerraformConfluentPlatformExample 2022-07-27T23:37:58Z logger.go:66:                           - enabled = null
TestTerraformConfluentPlatformExample 2022-07-27T23:37:58Z logger.go:66:                           - prefix  = null
TestTerraformConfluentPlatformExample 2022-07-27T23:37:58Z logger.go:66:                         }
TestTerraformConfluentPlatformExample 2022-07-27T23:37:58Z logger.go:66:                       - annotations           = null
TestTerraformConfluentPlatformExample 2022-07-27T23:37:58Z logger.go:66:                       - externalTrafficPolicy = null
TestTerraformConfluentPlatformExample 2022-07-27T23:37:58Z logger.go:66:                       - host                  = null
TestTerraformConfluentPlatformExample 2022-07-27T23:37:58Z logger.go:66:                       - labels                = null
TestTerraformConfluentPlatformExample 2022-07-27T23:37:58Z logger.go:66:                       - nodePortOffset        = null
TestTerraformConfluentPlatformExample 2022-07-27T23:37:58Z logger.go:66:                       - servicePorts          = null
TestTerraformConfluentPlatformExample 2022-07-27T23:37:58Z logger.go:66:                       - sessionAffinity       = null
TestTerraformConfluentPlatformExample 2022-07-27T23:37:58Z logger.go:66:                       - sessionAffinityConfig = {
TestTerraformConfluentPlatformExample 2022-07-27T23:37:58Z logger.go:66:                           - clientIP = {
TestTerraformConfluentPlatformExample 2022-07-27T23:37:58Z logger.go:66:                               - timeoutSeconds = null
TestTerraformConfluentPlatformExample 2022-07-27T23:37:58Z logger.go:66:                             }
TestTerraformConfluentPlatformExample 2022-07-27T23:37:58Z logger.go:66:                         }
TestTerraformConfluentPlatformExample 2022-07-27T23:37:58Z logger.go:66:                     }
TestTerraformConfluentPlatformExample 2022-07-27T23:37:58Z logger.go:66:                   - route        = {
TestTerraformConfluentPlatformExample 2022-07-27T23:37:58Z logger.go:66:                       - annotations    = null
TestTerraformConfluentPlatformExample 2022-07-27T23:37:58Z logger.go:66:                       - domain         = null
TestTerraformConfluentPlatformExample 2022-07-27T23:37:58Z logger.go:66:                       - labels         = null
TestTerraformConfluentPlatformExample 2022-07-27T23:37:58Z logger.go:66:                       - prefix         = null
TestTerraformConfluentPlatformExample 2022-07-27T23:37:58Z logger.go:66:                       - wildcardPolicy = null
TestTerraformConfluentPlatformExample 2022-07-27T23:37:58Z logger.go:66:                     }
TestTerraformConfluentPlatformExample 2022-07-27T23:37:58Z logger.go:66:                   - type         = null
TestTerraformConfluentPlatformExample 2022-07-27T23:37:58Z logger.go:66:                 }
TestTerraformConfluentPlatformExample 2022-07-27T23:37:58Z logger.go:66:               - headlessService               = {
TestTerraformConfluentPlatformExample 2022-07-27T23:37:58Z logger.go:66:                   - annotations              = null
TestTerraformConfluentPlatformExample 2022-07-27T23:37:58Z logger.go:66:                   - labels                   = null
TestTerraformConfluentPlatformExample 2022-07-27T23:37:58Z logger.go:66:                   - publishNotReadyAddresses = null
TestTerraformConfluentPlatformExample 2022-07-27T23:37:58Z logger.go:66:                 }
TestTerraformConfluentPlatformExample 2022-07-27T23:37:58Z logger.go:66:               - image                         = {
TestTerraformConfluentPlatformExample 2022-07-27T23:37:58Z logger.go:66:                   - application   = "confluentinc/cp-schema-registry:7.2.0"
TestTerraformConfluentPlatformExample 2022-07-27T23:37:58Z logger.go:66:                   - init          = "confluentinc/confluent-init-container:2.4.0"
TestTerraformConfluentPlatformExample 2022-07-27T23:37:58Z logger.go:66:                   - pullPolicy    = null
TestTerraformConfluentPlatformExample 2022-07-27T23:37:58Z logger.go:66:                   - pullSecretRef = null
TestTerraformConfluentPlatformExample 2022-07-27T23:37:58Z logger.go:66:                 }
TestTerraformConfluentPlatformExample 2022-07-27T23:37:58Z logger.go:66:               - injectAnnotations             = null
TestTerraformConfluentPlatformExample 2022-07-27T23:37:58Z logger.go:66:               - injectLabels                  = null
TestTerraformConfluentPlatformExample 2022-07-27T23:37:58Z logger.go:66:               - internalTopicReplicatorFactor = null
TestTerraformConfluentPlatformExample 2022-07-27T23:37:58Z logger.go:66:               - k8sClusterDomain              = null
TestTerraformConfluentPlatformExample 2022-07-27T23:37:58Z logger.go:66:               - license                       = {
TestTerraformConfluentPlatformExample 2022-07-27T23:37:58Z logger.go:66:                   - directoryPathInContainer = null
TestTerraformConfluentPlatformExample 2022-07-27T23:37:58Z logger.go:66:                   - globalLicense            = null
TestTerraformConfluentPlatformExample 2022-07-27T23:37:58Z logger.go:66:                   - secretRef                = null
TestTerraformConfluentPlatformExample 2022-07-27T23:37:58Z logger.go:66:                 }
TestTerraformConfluentPlatformExample 2022-07-27T23:37:58Z logger.go:66:               - metrics                       = {
TestTerraformConfluentPlatformExample 2022-07-27T23:37:58Z logger.go:66:                   - authentication = {
TestTerraformConfluentPlatformExample 2022-07-27T23:37:58Z logger.go:66:                       - type = null
TestTerraformConfluentPlatformExample 2022-07-27T23:37:58Z logger.go:66:                     }
TestTerraformConfluentPlatformExample 2022-07-27T23:37:58Z logger.go:66:                   - prometheus     = {
TestTerraformConfluentPlatformExample 2022-07-27T23:37:58Z logger.go:66:                       - blacklist = null
TestTerraformConfluentPlatformExample 2022-07-27T23:37:58Z logger.go:66:                       - rules     = null
TestTerraformConfluentPlatformExample 2022-07-27T23:37:58Z logger.go:66:                       - whitelist = null
TestTerraformConfluentPlatformExample 2022-07-27T23:37:58Z logger.go:66:                     }
TestTerraformConfluentPlatformExample 2022-07-27T23:37:58Z logger.go:66:                   - tls            = {
TestTerraformConfluentPlatformExample 2022-07-27T23:37:58Z logger.go:66:                       - directoryPathInContainer = null
TestTerraformConfluentPlatformExample 2022-07-27T23:37:58Z logger.go:66:                       - enabled                  = null
TestTerraformConfluentPlatformExample 2022-07-27T23:37:58Z logger.go:66:                       - ignoreTrustStoreConfig   = null
TestTerraformConfluentPlatformExample 2022-07-27T23:37:58Z logger.go:66:                       - jksPassword              = {
TestTerraformConfluentPlatformExample 2022-07-27T23:37:58Z logger.go:66:                           - secretRef = null
TestTerraformConfluentPlatformExample 2022-07-27T23:37:58Z logger.go:66:                         }
TestTerraformConfluentPlatformExample 2022-07-27T23:37:58Z logger.go:66:                       - secretRef                = null
TestTerraformConfluentPlatformExample 2022-07-27T23:37:58Z logger.go:66:                     }
TestTerraformConfluentPlatformExample 2022-07-27T23:37:58Z logger.go:66:                 }
TestTerraformConfluentPlatformExample 2022-07-27T23:37:58Z logger.go:66:               - mountedSecrets                = null
TestTerraformConfluentPlatformExample 2022-07-27T23:37:58Z logger.go:66:               - mountedVolumes                = {
TestTerraformConfluentPlatformExample 2022-07-27T23:37:58Z logger.go:66:                   - volumeMounts = null
TestTerraformConfluentPlatformExample 2022-07-27T23:37:58Z logger.go:66:                   - volumes      = null
TestTerraformConfluentPlatformExample 2022-07-27T23:37:58Z logger.go:66:                 }
TestTerraformConfluentPlatformExample 2022-07-27T23:37:58Z logger.go:66:               - oneReplicaPerNode             = null
TestTerraformConfluentPlatformExample 2022-07-27T23:37:58Z logger.go:66:               - passwordEncoder               = {
TestTerraformConfluentPlatformExample 2022-07-27T23:37:58Z logger.go:66:                   - directoryPathInContainer = null
TestTerraformConfluentPlatformExample 2022-07-27T23:37:58Z logger.go:66:                   - secretRef                = null
TestTerraformConfluentPlatformExample 2022-07-27T23:37:58Z logger.go:66:                 }
TestTerraformConfluentPlatformExample 2022-07-27T23:37:58Z logger.go:66:               - podTemplate                   = {
TestTerraformConfluentPlatformExample 2022-07-27T23:37:58Z logger.go:66:                   - affinity                      = {
TestTerraformConfluentPlatformExample 2022-07-27T23:37:58Z logger.go:66:                       - nodeAffinity    = {
TestTerraformConfluentPlatformExample 2022-07-27T23:37:58Z logger.go:66:                           - preferredDuringSchedulingIgnoredDuringExecution = null
TestTerraformConfluentPlatformExample 2022-07-27T23:37:58Z logger.go:66:                           - requiredDuringSchedulingIgnoredDuringExecution  = {
TestTerraformConfluentPlatformExample 2022-07-27T23:37:58Z logger.go:66:                               - nodeSelectorTerms = null
TestTerraformConfluentPlatformExample 2022-07-27T23:37:58Z logger.go:66:                             }
TestTerraformConfluentPlatformExample 2022-07-27T23:37:58Z logger.go:66:                         }
TestTerraformConfluentPlatformExample 2022-07-27T23:37:58Z logger.go:66:                       - podAffinity     = {
TestTerraformConfluentPlatformExample 2022-07-27T23:37:58Z logger.go:66:                           - preferredDuringSchedulingIgnoredDuringExecution = null
TestTerraformConfluentPlatformExample 2022-07-27T23:37:58Z logger.go:66:                           - requiredDuringSchedulingIgnoredDuringExecution  = null
TestTerraformConfluentPlatformExample 2022-07-27T23:37:58Z logger.go:66:                         }
TestTerraformConfluentPlatformExample 2022-07-27T23:37:58Z logger.go:66:                       - podAntiAffinity = {
TestTerraformConfluentPlatformExample 2022-07-27T23:37:58Z logger.go:66:                           - preferredDuringSchedulingIgnoredDuringExecution = null
TestTerraformConfluentPlatformExample 2022-07-27T23:37:58Z logger.go:66:                           - requiredDuringSchedulingIgnoredDuringExecution  = null
TestTerraformConfluentPlatformExample 2022-07-27T23:37:58Z logger.go:66:                         }
TestTerraformConfluentPlatformExample 2022-07-27T23:37:58Z logger.go:66:                     }
TestTerraformConfluentPlatformExample 2022-07-27T23:37:58Z logger.go:66:                   - annotations                   = null
TestTerraformConfluentPlatformExample 2022-07-27T23:37:58Z logger.go:66:                   - envVars                       = null
TestTerraformConfluentPlatformExample 2022-07-27T23:37:58Z logger.go:66:                   - labels                        = null
TestTerraformConfluentPlatformExample 2022-07-27T23:37:58Z logger.go:66:                   - podSecurityContext            = {
TestTerraformConfluentPlatformExample 2022-07-27T23:37:58Z logger.go:66:                       - fsGroup             = null
TestTerraformConfluentPlatformExample 2022-07-27T23:37:58Z logger.go:66:                       - fsGroupChangePolicy = null
TestTerraformConfluentPlatformExample 2022-07-27T23:37:58Z logger.go:66:                       - runAsGroup          = null
TestTerraformConfluentPlatformExample 2022-07-27T23:37:58Z logger.go:66:                       - runAsNonRoot        = null
TestTerraformConfluentPlatformExample 2022-07-27T23:37:58Z logger.go:66:                       - runAsUser           = null
TestTerraformConfluentPlatformExample 2022-07-27T23:37:58Z logger.go:66:                       - seLinuxOptions      = {
TestTerraformConfluentPlatformExample 2022-07-27T23:37:58Z logger.go:66:                           - level = null
TestTerraformConfluentPlatformExample 2022-07-27T23:37:58Z logger.go:66:                           - role  = null
TestTerraformConfluentPlatformExample 2022-07-27T23:37:58Z logger.go:66:                           - type  = null
TestTerraformConfluentPlatformExample 2022-07-27T23:37:58Z logger.go:66:                           - user  = null
TestTerraformConfluentPlatformExample 2022-07-27T23:37:58Z logger.go:66:                         }
TestTerraformConfluentPlatformExample 2022-07-27T23:37:58Z logger.go:66:                       - seccompProfile      = {
TestTerraformConfluentPlatformExample 2022-07-27T23:37:58Z logger.go:66:                           - localhostProfile = null
TestTerraformConfluentPlatformExample 2022-07-27T23:37:58Z logger.go:66:                           - type             = null
TestTerraformConfluentPlatformExample 2022-07-27T23:37:58Z logger.go:66:                         }
TestTerraformConfluentPlatformExample 2022-07-27T23:37:58Z logger.go:66:                       - supplementalGroups  = null
TestTerraformConfluentPlatformExample 2022-07-27T23:37:58Z logger.go:66:                       - sysctls             = null
TestTerraformConfluentPlatformExample 2022-07-27T23:37:58Z logger.go:66:                       - windowsOptions      = {
TestTerraformConfluentPlatformExample 2022-07-27T23:37:58Z logger.go:66:                           - gmsaCredentialSpec     = null
TestTerraformConfluentPlatformExample 2022-07-27T23:37:58Z logger.go:66:                           - gmsaCredentialSpecName = null
TestTerraformConfluentPlatformExample 2022-07-27T23:37:58Z logger.go:66:                           - hostProcess            = null
TestTerraformConfluentPlatformExample 2022-07-27T23:37:58Z logger.go:66:                           - runAsUserName          = null
TestTerraformConfluentPlatformExample 2022-07-27T23:37:58Z logger.go:66:                         }
TestTerraformConfluentPlatformExample 2022-07-27T23:37:58Z logger.go:66:                     }
TestTerraformConfluentPlatformExample 2022-07-27T23:37:58Z logger.go:66:                   - priorityClassName             = null
TestTerraformConfluentPlatformExample 2022-07-27T23:37:58Z logger.go:66:                   - probe                         = {
TestTerraformConfluentPlatformExample 2022-07-27T23:37:58Z logger.go:66:                       - liveness  = {
TestTerraformConfluentPlatformExample 2022-07-27T23:37:58Z logger.go:66:                           - failureThreshold    = null
TestTerraformConfluentPlatformExample 2022-07-27T23:37:58Z logger.go:66:                           - initialDelaySeconds = null
TestTerraformConfluentPlatformExample 2022-07-27T23:37:58Z logger.go:66:                           - periodSeconds       = null
TestTerraformConfluentPlatformExample 2022-07-27T23:37:58Z logger.go:66:                           - successThreshold    = null
TestTerraformConfluentPlatformExample 2022-07-27T23:37:58Z logger.go:66:                           - timeoutSeconds      = null
TestTerraformConfluentPlatformExample 2022-07-27T23:37:58Z logger.go:66:                         }
TestTerraformConfluentPlatformExample 2022-07-27T23:37:58Z logger.go:66:                       - readiness = {
TestTerraformConfluentPlatformExample 2022-07-27T23:37:58Z logger.go:66:                           - failureThreshold    = null
TestTerraformConfluentPlatformExample 2022-07-27T23:37:58Z logger.go:66:                           - initialDelaySeconds = null
TestTerraformConfluentPlatformExample 2022-07-27T23:37:58Z logger.go:66:                           - periodSeconds       = null
TestTerraformConfluentPlatformExample 2022-07-27T23:37:58Z logger.go:66:                           - successThreshold    = null
TestTerraformConfluentPlatformExample 2022-07-27T23:37:58Z logger.go:66:                           - timeoutSeconds      = null
TestTerraformConfluentPlatformExample 2022-07-27T23:37:58Z logger.go:66:                         }
TestTerraformConfluentPlatformExample 2022-07-27T23:37:58Z logger.go:66:                     }
TestTerraformConfluentPlatformExample 2022-07-27T23:37:58Z logger.go:66:                   - resources                     = {
TestTerraformConfluentPlatformExample 2022-07-27T23:37:58Z logger.go:66:                       - limits   = null
TestTerraformConfluentPlatformExample 2022-07-27T23:37:58Z logger.go:66:                       - requests = null
TestTerraformConfluentPlatformExample 2022-07-27T23:37:58Z logger.go:66:                     }
TestTerraformConfluentPlatformExample 2022-07-27T23:37:58Z logger.go:66:                   - securityContext               = {
TestTerraformConfluentPlatformExample 2022-07-27T23:37:58Z logger.go:66:                       - allowPrivilegeEscalation = null
TestTerraformConfluentPlatformExample 2022-07-27T23:37:58Z logger.go:66:                       - capabilities             = {
TestTerraformConfluentPlatformExample 2022-07-27T23:37:58Z logger.go:66:                           - add  = null
TestTerraformConfluentPlatformExample 2022-07-27T23:37:58Z logger.go:66:                           - drop = null
TestTerraformConfluentPlatformExample 2022-07-27T23:37:58Z logger.go:66:                         }
TestTerraformConfluentPlatformExample 2022-07-27T23:37:58Z logger.go:66:                       - privileged               = null
TestTerraformConfluentPlatformExample 2022-07-27T23:37:58Z logger.go:66:                       - procMount                = null
TestTerraformConfluentPlatformExample 2022-07-27T23:37:58Z logger.go:66:                       - readOnlyRootFilesystem   = null
TestTerraformConfluentPlatformExample 2022-07-27T23:37:58Z logger.go:66:                       - runAsGroup               = null
TestTerraformConfluentPlatformExample 2022-07-27T23:37:58Z logger.go:66:                       - runAsNonRoot             = null
TestTerraformConfluentPlatformExample 2022-07-27T23:37:58Z logger.go:66:                       - runAsUser                = null
TestTerraformConfluentPlatformExample 2022-07-27T23:37:58Z logger.go:66:                       - seLinuxOptions           = {
TestTerraformConfluentPlatformExample 2022-07-27T23:37:58Z logger.go:66:                           - level = null
TestTerraformConfluentPlatformExample 2022-07-27T23:37:58Z logger.go:66:                           - role  = null
TestTerraformConfluentPlatformExample 2022-07-27T23:37:58Z logger.go:66:                           - type  = null
TestTerraformConfluentPlatformExample 2022-07-27T23:37:58Z logger.go:66:                           - user  = null
TestTerraformConfluentPlatformExample 2022-07-27T23:37:58Z logger.go:66:                         }
TestTerraformConfluentPlatformExample 2022-07-27T23:37:58Z logger.go:66:                       - seccompProfile           = {
TestTerraformConfluentPlatformExample 2022-07-27T23:37:58Z logger.go:66:                           - localhostProfile = null
TestTerraformConfluentPlatformExample 2022-07-27T23:37:58Z logger.go:66:                           - type             = null
TestTerraformConfluentPlatformExample 2022-07-27T23:37:58Z logger.go:66:                         }
TestTerraformConfluentPlatformExample 2022-07-27T23:37:58Z logger.go:66:                       - windowsOptions           = {
TestTerraformConfluentPlatformExample 2022-07-27T23:37:58Z logger.go:66:                           - gmsaCredentialSpec     = null
TestTerraformConfluentPlatformExample 2022-07-27T23:37:58Z logger.go:66:                           - gmsaCredentialSpecName = null
TestTerraformConfluentPlatformExample 2022-07-27T23:37:58Z logger.go:66:                           - hostProcess            = null
TestTerraformConfluentPlatformExample 2022-07-27T23:37:58Z logger.go:66:                           - runAsUserName          = null
TestTerraformConfluentPlatformExample 2022-07-27T23:37:58Z logger.go:66:                         }
TestTerraformConfluentPlatformExample 2022-07-27T23:37:58Z logger.go:66:                     }
TestTerraformConfluentPlatformExample 2022-07-27T23:37:58Z logger.go:66:                   - serviceAccountName            = null
TestTerraformConfluentPlatformExample 2022-07-27T23:37:58Z logger.go:66:                   - terminationGracePeriodSeconds = null
TestTerraformConfluentPlatformExample 2022-07-27T23:37:58Z logger.go:66:                   - tolerations                   = null
TestTerraformConfluentPlatformExample 2022-07-27T23:37:58Z logger.go:66:                   - topologySpreadConstraints     = null
TestTerraformConfluentPlatformExample 2022-07-27T23:37:58Z logger.go:66:                 }
TestTerraformConfluentPlatformExample 2022-07-27T23:37:58Z logger.go:66:               - replicas                      = 3
TestTerraformConfluentPlatformExample 2022-07-27T23:37:58Z logger.go:66:               - telemetry                     = {
TestTerraformConfluentPlatformExample 2022-07-27T23:37:58Z logger.go:66:                   - global = null
TestTerraformConfluentPlatformExample 2022-07-27T23:37:58Z logger.go:66:                 }
TestTerraformConfluentPlatformExample 2022-07-27T23:37:58Z logger.go:66:               - tls                           = {
TestTerraformConfluentPlatformExample 2022-07-27T23:37:58Z logger.go:66:                   - autoGeneratedCerts       = null
TestTerraformConfluentPlatformExample 2022-07-27T23:37:58Z logger.go:66:                   - directoryPathInContainer = null
TestTerraformConfluentPlatformExample 2022-07-27T23:37:58Z logger.go:66:                   - ignoreTrustStoreConfig   = null
TestTerraformConfluentPlatformExample 2022-07-27T23:37:58Z logger.go:66:                   - jksPassword              = {
TestTerraformConfluentPlatformExample 2022-07-27T23:37:58Z logger.go:66:                       - secretRef = null
TestTerraformConfluentPlatformExample 2022-07-27T23:37:58Z logger.go:66:                     }
TestTerraformConfluentPlatformExample 2022-07-27T23:37:58Z logger.go:66:                   - secretRef                = null
TestTerraformConfluentPlatformExample 2022-07-27T23:37:58Z logger.go:66:                 }
TestTerraformConfluentPlatformExample 2022-07-27T23:37:58Z logger.go:66:             }
TestTerraformConfluentPlatformExample 2022-07-27T23:37:58Z logger.go:66:         } -> null
TestTerraformConfluentPlatformExample 2022-07-27T23:37:58Z logger.go:66:
TestTerraformConfluentPlatformExample 2022-07-27T23:37:58Z logger.go:66:       - timeouts {
TestTerraformConfluentPlatformExample 2022-07-27T23:37:58Z logger.go:66:           - create = "1h" -> null
TestTerraformConfluentPlatformExample 2022-07-27T23:37:58Z logger.go:66:           - delete = "5m" -> null
TestTerraformConfluentPlatformExample 2022-07-27T23:37:58Z logger.go:66:           - update = "1h" -> null
TestTerraformConfluentPlatformExample 2022-07-27T23:37:58Z logger.go:66:         }
TestTerraformConfluentPlatformExample 2022-07-27T23:37:58Z logger.go:66:
TestTerraformConfluentPlatformExample 2022-07-27T23:37:58Z logger.go:66:       - wait {
TestTerraformConfluentPlatformExample 2022-07-27T23:37:58Z logger.go:66:           - fields = {
TestTerraformConfluentPlatformExample 2022-07-27T23:37:58Z logger.go:66:               - "status.phase" = "RUNNING"
TestTerraformConfluentPlatformExample 2022-07-27T23:37:58Z logger.go:66:             } -> null
TestTerraformConfluentPlatformExample 2022-07-27T23:37:58Z logger.go:66:         }
TestTerraformConfluentPlatformExample 2022-07-27T23:37:58Z logger.go:66:     }
TestTerraformConfluentPlatformExample 2022-07-27T23:37:58Z logger.go:66:
TestTerraformConfluentPlatformExample 2022-07-27T23:37:58Z logger.go:66:   # module.confluent_platform.kubernetes_manifest.zookeeper[0] will be destroyed
TestTerraformConfluentPlatformExample 2022-07-27T23:37:58Z logger.go:66:   - resource "kubernetes_manifest" "zookeeper" {
TestTerraformConfluentPlatformExample 2022-07-27T23:37:58Z logger.go:66:       - computed_fields = [
TestTerraformConfluentPlatformExample 2022-07-27T23:37:58Z logger.go:66:           - "metadata.finalizers",
TestTerraformConfluentPlatformExample 2022-07-27T23:37:58Z logger.go:66:         ] -> null
TestTerraformConfluentPlatformExample 2022-07-27T23:37:58Z logger.go:66:       - manifest        = {
TestTerraformConfluentPlatformExample 2022-07-27T23:37:58Z logger.go:66:           - apiVersion = "platform.confluent.io/v1beta1"
TestTerraformConfluentPlatformExample 2022-07-27T23:37:58Z logger.go:66:           - kind       = "Zookeeper"
TestTerraformConfluentPlatformExample 2022-07-27T23:37:58Z logger.go:66:           - metadata   = {
TestTerraformConfluentPlatformExample 2022-07-27T23:37:58Z logger.go:66:               - name      = "zookeeper"
TestTerraformConfluentPlatformExample 2022-07-27T23:37:58Z logger.go:66:               - namespace = "confluent"
TestTerraformConfluentPlatformExample 2022-07-27T23:37:58Z logger.go:66:             }
TestTerraformConfluentPlatformExample 2022-07-27T23:37:58Z logger.go:66:           - spec       = {
TestTerraformConfluentPlatformExample 2022-07-27T23:37:58Z logger.go:66:               - dataVolumeCapacity = "10Gi"
TestTerraformConfluentPlatformExample 2022-07-27T23:37:58Z logger.go:66:               - image              = {
TestTerraformConfluentPlatformExample 2022-07-27T23:37:58Z logger.go:66:                   - application = "confluentinc/cp-zookeeper:7.2.0"
TestTerraformConfluentPlatformExample 2022-07-27T23:37:58Z logger.go:66:                   - init        = "confluentinc/confluent-init-container:2.4.0"
TestTerraformConfluentPlatformExample 2022-07-27T23:37:58Z logger.go:66:                 }
TestTerraformConfluentPlatformExample 2022-07-27T23:37:58Z logger.go:66:               - logVolumeCapacity  = "10Gi"
TestTerraformConfluentPlatformExample 2022-07-27T23:37:58Z logger.go:66:               - replicas           = 3
TestTerraformConfluentPlatformExample 2022-07-27T23:37:58Z logger.go:66:             }
TestTerraformConfluentPlatformExample 2022-07-27T23:37:58Z logger.go:66:         } -> null
TestTerraformConfluentPlatformExample 2022-07-27T23:37:58Z logger.go:66:       - object          = {
TestTerraformConfluentPlatformExample 2022-07-27T23:37:58Z logger.go:66:           - apiVersion = "platform.confluent.io/v1beta1"
TestTerraformConfluentPlatformExample 2022-07-27T23:37:58Z logger.go:66:           - kind       = "Zookeeper"
TestTerraformConfluentPlatformExample 2022-07-27T23:37:58Z logger.go:66:           - metadata   = {
TestTerraformConfluentPlatformExample 2022-07-27T23:37:58Z logger.go:66:               - annotations                = null
TestTerraformConfluentPlatformExample 2022-07-27T23:37:58Z logger.go:66:               - clusterName                = null
TestTerraformConfluentPlatformExample 2022-07-27T23:37:58Z logger.go:66:               - creationTimestamp          = null
TestTerraformConfluentPlatformExample 2022-07-27T23:37:58Z logger.go:66:               - deletionGracePeriodSeconds = null
TestTerraformConfluentPlatformExample 2022-07-27T23:37:58Z logger.go:66:               - deletionTimestamp          = null
TestTerraformConfluentPlatformExample 2022-07-27T23:37:58Z logger.go:66:               - finalizers                 = [
TestTerraformConfluentPlatformExample 2022-07-27T23:37:58Z logger.go:66:                   - "zookeeper.finalizers.platform.confluent.io",
TestTerraformConfluentPlatformExample 2022-07-27T23:37:58Z logger.go:66:                 ]
TestTerraformConfluentPlatformExample 2022-07-27T23:37:58Z logger.go:66:               - generateName               = null
TestTerraformConfluentPlatformExample 2022-07-27T23:37:58Z logger.go:66:               - generation                 = null
TestTerraformConfluentPlatformExample 2022-07-27T23:37:58Z logger.go:66:               - labels                     = null
TestTerraformConfluentPlatformExample 2022-07-27T23:37:58Z logger.go:66:               - managedFields              = null
TestTerraformConfluentPlatformExample 2022-07-27T23:37:58Z logger.go:66:               - name                       = "zookeeper"
TestTerraformConfluentPlatformExample 2022-07-27T23:37:58Z logger.go:66:               - namespace                  = "confluent"
TestTerraformConfluentPlatformExample 2022-07-27T23:37:58Z logger.go:66:               - ownerReferences            = null
TestTerraformConfluentPlatformExample 2022-07-27T23:37:58Z logger.go:66:               - resourceVersion            = null
TestTerraformConfluentPlatformExample 2022-07-27T23:37:58Z logger.go:66:               - selfLink                   = null
TestTerraformConfluentPlatformExample 2022-07-27T23:37:58Z logger.go:66:               - uid                        = null
TestTerraformConfluentPlatformExample 2022-07-27T23:37:58Z logger.go:66:             }
TestTerraformConfluentPlatformExample 2022-07-27T23:37:58Z logger.go:66:           - spec       = {
TestTerraformConfluentPlatformExample 2022-07-27T23:37:58Z logger.go:66:               - authentication     = {
TestTerraformConfluentPlatformExample 2022-07-27T23:37:58Z logger.go:66:                   - jaasConfig            = {
TestTerraformConfluentPlatformExample 2022-07-27T23:37:58Z logger.go:66:                       - secretRef = null
TestTerraformConfluentPlatformExample 2022-07-27T23:37:58Z logger.go:66:                     }
TestTerraformConfluentPlatformExample 2022-07-27T23:37:58Z logger.go:66:                   - jaasConfigPassThrough = {
TestTerraformConfluentPlatformExample 2022-07-27T23:37:58Z logger.go:66:                       - directoryPathInContainer = null
TestTerraformConfluentPlatformExample 2022-07-27T23:37:58Z logger.go:66:                       - secretRef                = null
TestTerraformConfluentPlatformExample 2022-07-27T23:37:58Z logger.go:66:                     }
TestTerraformConfluentPlatformExample 2022-07-27T23:37:58Z logger.go:66:                   - principalMappingRules = null
TestTerraformConfluentPlatformExample 2022-07-27T23:37:58Z logger.go:66:                   - type                  = null
TestTerraformConfluentPlatformExample 2022-07-27T23:37:58Z logger.go:66:                 }
TestTerraformConfluentPlatformExample 2022-07-27T23:37:58Z logger.go:66:               - configOverrides    = {
TestTerraformConfluentPlatformExample 2022-07-27T23:37:58Z logger.go:66:                   - jvm    = null
TestTerraformConfluentPlatformExample 2022-07-27T23:37:58Z logger.go:66:                   - log4j  = null
TestTerraformConfluentPlatformExample 2022-07-27T23:37:58Z logger.go:66:                   - peers  = null
TestTerraformConfluentPlatformExample 2022-07-27T23:37:58Z logger.go:66:                   - server = null
TestTerraformConfluentPlatformExample 2022-07-27T23:37:58Z logger.go:66:                 }
TestTerraformConfluentPlatformExample 2022-07-27T23:37:58Z logger.go:66:               - dataVolumeCapacity = "10Gi"
TestTerraformConfluentPlatformExample 2022-07-27T23:37:58Z logger.go:66:               - headlessService    = {
TestTerraformConfluentPlatformExample 2022-07-27T23:37:58Z logger.go:66:                   - annotations              = null
TestTerraformConfluentPlatformExample 2022-07-27T23:37:58Z logger.go:66:                   - labels                   = null
TestTerraformConfluentPlatformExample 2022-07-27T23:37:58Z logger.go:66:                   - publishNotReadyAddresses = null
TestTerraformConfluentPlatformExample 2022-07-27T23:37:58Z logger.go:66:                 }
TestTerraformConfluentPlatformExample 2022-07-27T23:37:58Z logger.go:66:               - image              = {
TestTerraformConfluentPlatformExample 2022-07-27T23:37:58Z logger.go:66:                   - application   = "confluentinc/cp-zookeeper:7.2.0"
TestTerraformConfluentPlatformExample 2022-07-27T23:37:58Z logger.go:66:                   - init          = "confluentinc/confluent-init-container:2.4.0"
TestTerraformConfluentPlatformExample 2022-07-27T23:37:58Z logger.go:66:                   - pullPolicy    = null
TestTerraformConfluentPlatformExample 2022-07-27T23:37:58Z logger.go:66:                   - pullSecretRef = null
TestTerraformConfluentPlatformExample 2022-07-27T23:37:58Z logger.go:66:                 }
TestTerraformConfluentPlatformExample 2022-07-27T23:37:58Z logger.go:66:               - injectAnnotations  = null
TestTerraformConfluentPlatformExample 2022-07-27T23:37:58Z logger.go:66:               - injectLabels       = null
TestTerraformConfluentPlatformExample 2022-07-27T23:37:58Z logger.go:66:               - k8sClusterDomain   = null
TestTerraformConfluentPlatformExample 2022-07-27T23:37:58Z logger.go:66:               - license            = {
TestTerraformConfluentPlatformExample 2022-07-27T23:37:58Z logger.go:66:                   - directoryPathInContainer = null
TestTerraformConfluentPlatformExample 2022-07-27T23:37:58Z logger.go:66:                   - globalLicense            = null
TestTerraformConfluentPlatformExample 2022-07-27T23:37:58Z logger.go:66:                   - secretRef                = null
TestTerraformConfluentPlatformExample 2022-07-27T23:37:58Z logger.go:66:                 }
TestTerraformConfluentPlatformExample 2022-07-27T23:37:58Z logger.go:66:               - logVolumeCapacity  = "10Gi"
TestTerraformConfluentPlatformExample 2022-07-27T23:37:58Z logger.go:66:               - metrics            = {
TestTerraformConfluentPlatformExample 2022-07-27T23:37:58Z logger.go:66:                   - authentication = {
TestTerraformConfluentPlatformExample 2022-07-27T23:37:58Z logger.go:66:                       - type = null
TestTerraformConfluentPlatformExample 2022-07-27T23:37:58Z logger.go:66:                     }
TestTerraformConfluentPlatformExample 2022-07-27T23:37:58Z logger.go:66:                   - prometheus     = {
TestTerraformConfluentPlatformExample 2022-07-27T23:37:58Z logger.go:66:                       - blacklist = null
TestTerraformConfluentPlatformExample 2022-07-27T23:37:58Z logger.go:66:                       - rules     = null
TestTerraformConfluentPlatformExample 2022-07-27T23:37:58Z logger.go:66:                       - whitelist = null
TestTerraformConfluentPlatformExample 2022-07-27T23:37:58Z logger.go:66:                     }
TestTerraformConfluentPlatformExample 2022-07-27T23:37:58Z logger.go:66:                   - tls            = {
TestTerraformConfluentPlatformExample 2022-07-27T23:37:58Z logger.go:66:                       - directoryPathInContainer = null
TestTerraformConfluentPlatformExample 2022-07-27T23:37:58Z logger.go:66:                       - enabled                  = null
TestTerraformConfluentPlatformExample 2022-07-27T23:37:58Z logger.go:66:                       - ignoreTrustStoreConfig   = null
TestTerraformConfluentPlatformExample 2022-07-27T23:37:58Z logger.go:66:                       - jksPassword              = {
TestTerraformConfluentPlatformExample 2022-07-27T23:37:58Z logger.go:66:                           - secretRef = null
TestTerraformConfluentPlatformExample 2022-07-27T23:37:58Z logger.go:66:                         }
TestTerraformConfluentPlatformExample 2022-07-27T23:37:58Z logger.go:66:                       - secretRef                = null
TestTerraformConfluentPlatformExample 2022-07-27T23:37:58Z logger.go:66:                     }
TestTerraformConfluentPlatformExample 2022-07-27T23:37:58Z logger.go:66:                 }
TestTerraformConfluentPlatformExample 2022-07-27T23:37:58Z logger.go:66:               - mountedSecrets     = null
TestTerraformConfluentPlatformExample 2022-07-27T23:37:58Z logger.go:66:               - mountedVolumes     = {
TestTerraformConfluentPlatformExample 2022-07-27T23:37:58Z logger.go:66:                   - volumeMounts = null
TestTerraformConfluentPlatformExample 2022-07-27T23:37:58Z logger.go:66:                   - volumes      = null
TestTerraformConfluentPlatformExample 2022-07-27T23:37:58Z logger.go:66:                 }
TestTerraformConfluentPlatformExample 2022-07-27T23:37:58Z logger.go:66:               - oneReplicaPerNode  = null
TestTerraformConfluentPlatformExample 2022-07-27T23:37:58Z logger.go:66:               - podTemplate        = {
TestTerraformConfluentPlatformExample 2022-07-27T23:37:58Z logger.go:66:                   - affinity                      = {
TestTerraformConfluentPlatformExample 2022-07-27T23:37:58Z logger.go:66:                       - nodeAffinity    = {
TestTerraformConfluentPlatformExample 2022-07-27T23:37:58Z logger.go:66:                           - preferredDuringSchedulingIgnoredDuringExecution = null
TestTerraformConfluentPlatformExample 2022-07-27T23:37:58Z logger.go:66:                           - requiredDuringSchedulingIgnoredDuringExecution  = {
TestTerraformConfluentPlatformExample 2022-07-27T23:37:58Z logger.go:66:                               - nodeSelectorTerms = null
TestTerraformConfluentPlatformExample 2022-07-27T23:37:58Z logger.go:66:                             }
TestTerraformConfluentPlatformExample 2022-07-27T23:37:58Z logger.go:66:                         }
TestTerraformConfluentPlatformExample 2022-07-27T23:37:58Z logger.go:66:                       - podAffinity     = {
TestTerraformConfluentPlatformExample 2022-07-27T23:37:58Z logger.go:66:                           - preferredDuringSchedulingIgnoredDuringExecution = null
TestTerraformConfluentPlatformExample 2022-07-27T23:37:58Z logger.go:66:                           - requiredDuringSchedulingIgnoredDuringExecution  = null
TestTerraformConfluentPlatformExample 2022-07-27T23:37:58Z logger.go:66:                         }
TestTerraformConfluentPlatformExample 2022-07-27T23:37:58Z logger.go:66:                       - podAntiAffinity = {
TestTerraformConfluentPlatformExample 2022-07-27T23:37:58Z logger.go:66:                           - preferredDuringSchedulingIgnoredDuringExecution = null
TestTerraformConfluentPlatformExample 2022-07-27T23:37:58Z logger.go:66:                           - requiredDuringSchedulingIgnoredDuringExecution  = null
TestTerraformConfluentPlatformExample 2022-07-27T23:37:58Z logger.go:66:                         }
TestTerraformConfluentPlatformExample 2022-07-27T23:37:58Z logger.go:66:                     }
TestTerraformConfluentPlatformExample 2022-07-27T23:37:58Z logger.go:66:                   - annotations                   = null
TestTerraformConfluentPlatformExample 2022-07-27T23:37:58Z logger.go:66:                   - envVars                       = null
TestTerraformConfluentPlatformExample 2022-07-27T23:37:58Z logger.go:66:                   - labels                        = null
TestTerraformConfluentPlatformExample 2022-07-27T23:37:58Z logger.go:66:                   - podSecurityContext            = {
TestTerraformConfluentPlatformExample 2022-07-27T23:37:58Z logger.go:66:                       - fsGroup             = null
TestTerraformConfluentPlatformExample 2022-07-27T23:37:58Z logger.go:66:                       - fsGroupChangePolicy = null
TestTerraformConfluentPlatformExample 2022-07-27T23:37:58Z logger.go:66:                       - runAsGroup          = null
TestTerraformConfluentPlatformExample 2022-07-27T23:37:58Z logger.go:66:                       - runAsNonRoot        = null
TestTerraformConfluentPlatformExample 2022-07-27T23:37:58Z logger.go:66:                       - runAsUser           = null
TestTerraformConfluentPlatformExample 2022-07-27T23:37:58Z logger.go:66:                       - seLinuxOptions      = {
TestTerraformConfluentPlatformExample 2022-07-27T23:37:58Z logger.go:66:                           - level = null
TestTerraformConfluentPlatformExample 2022-07-27T23:37:58Z logger.go:66:                           - role  = null
TestTerraformConfluentPlatformExample 2022-07-27T23:37:58Z logger.go:66:                           - type  = null
TestTerraformConfluentPlatformExample 2022-07-27T23:37:58Z logger.go:66:                           - user  = null
TestTerraformConfluentPlatformExample 2022-07-27T23:37:58Z logger.go:66:                         }
TestTerraformConfluentPlatformExample 2022-07-27T23:37:58Z logger.go:66:                       - seccompProfile      = {
TestTerraformConfluentPlatformExample 2022-07-27T23:37:58Z logger.go:66:                           - localhostProfile = null
TestTerraformConfluentPlatformExample 2022-07-27T23:37:58Z logger.go:66:                           - type             = null
TestTerraformConfluentPlatformExample 2022-07-27T23:37:58Z logger.go:66:                         }
TestTerraformConfluentPlatformExample 2022-07-27T23:37:58Z logger.go:66:                       - supplementalGroups  = null
TestTerraformConfluentPlatformExample 2022-07-27T23:37:58Z logger.go:66:                       - sysctls             = null
TestTerraformConfluentPlatformExample 2022-07-27T23:37:58Z logger.go:66:                       - windowsOptions      = {
TestTerraformConfluentPlatformExample 2022-07-27T23:37:58Z logger.go:66:                           - gmsaCredentialSpec     = null
TestTerraformConfluentPlatformExample 2022-07-27T23:37:58Z logger.go:66:                           - gmsaCredentialSpecName = null
TestTerraformConfluentPlatformExample 2022-07-27T23:37:58Z logger.go:66:                           - hostProcess            = null
TestTerraformConfluentPlatformExample 2022-07-27T23:37:58Z logger.go:66:                           - runAsUserName          = null
TestTerraformConfluentPlatformExample 2022-07-27T23:37:58Z logger.go:66:                         }
TestTerraformConfluentPlatformExample 2022-07-27T23:37:58Z logger.go:66:                     }
TestTerraformConfluentPlatformExample 2022-07-27T23:37:58Z logger.go:66:                   - priorityClassName             = null
TestTerraformConfluentPlatformExample 2022-07-27T23:37:58Z logger.go:66:                   - probe                         = {
TestTerraformConfluentPlatformExample 2022-07-27T23:37:58Z logger.go:66:                       - liveness  = {
TestTerraformConfluentPlatformExample 2022-07-27T23:37:58Z logger.go:66:                           - failureThreshold    = null
TestTerraformConfluentPlatformExample 2022-07-27T23:37:58Z logger.go:66:                           - initialDelaySeconds = null
TestTerraformConfluentPlatformExample 2022-07-27T23:37:58Z logger.go:66:                           - periodSeconds       = null
TestTerraformConfluentPlatformExample 2022-07-27T23:37:58Z logger.go:66:                           - successThreshold    = null
TestTerraformConfluentPlatformExample 2022-07-27T23:37:58Z logger.go:66:                           - timeoutSeconds      = null
TestTerraformConfluentPlatformExample 2022-07-27T23:37:58Z logger.go:66:                         }
TestTerraformConfluentPlatformExample 2022-07-27T23:37:58Z logger.go:66:                       - readiness = {
TestTerraformConfluentPlatformExample 2022-07-27T23:37:58Z logger.go:66:                           - failureThreshold    = null
TestTerraformConfluentPlatformExample 2022-07-27T23:37:58Z logger.go:66:                           - initialDelaySeconds = null
TestTerraformConfluentPlatformExample 2022-07-27T23:37:58Z logger.go:66:                           - periodSeconds       = null
TestTerraformConfluentPlatformExample 2022-07-27T23:37:58Z logger.go:66:                           - successThreshold    = null
TestTerraformConfluentPlatformExample 2022-07-27T23:37:58Z logger.go:66:                           - timeoutSeconds      = null
TestTerraformConfluentPlatformExample 2022-07-27T23:37:58Z logger.go:66:                         }
TestTerraformConfluentPlatformExample 2022-07-27T23:37:58Z logger.go:66:                     }
TestTerraformConfluentPlatformExample 2022-07-27T23:37:58Z logger.go:66:                   - resources                     = {
TestTerraformConfluentPlatformExample 2022-07-27T23:37:58Z logger.go:66:                       - limits   = null
TestTerraformConfluentPlatformExample 2022-07-27T23:37:58Z logger.go:66:                       - requests = null
TestTerraformConfluentPlatformExample 2022-07-27T23:37:58Z logger.go:66:                     }
TestTerraformConfluentPlatformExample 2022-07-27T23:37:58Z logger.go:66:                   - securityContext               = {
TestTerraformConfluentPlatformExample 2022-07-27T23:37:58Z logger.go:66:                       - allowPrivilegeEscalation = null
TestTerraformConfluentPlatformExample 2022-07-27T23:37:58Z logger.go:66:                       - capabilities             = {
TestTerraformConfluentPlatformExample 2022-07-27T23:37:58Z logger.go:66:                           - add  = null
TestTerraformConfluentPlatformExample 2022-07-27T23:37:58Z logger.go:66:                           - drop = null
TestTerraformConfluentPlatformExample 2022-07-27T23:37:58Z logger.go:66:                         }
TestTerraformConfluentPlatformExample 2022-07-27T23:37:58Z logger.go:66:                       - privileged               = null
TestTerraformConfluentPlatformExample 2022-07-27T23:37:58Z logger.go:66:                       - procMount                = null
TestTerraformConfluentPlatformExample 2022-07-27T23:37:58Z logger.go:66:                       - readOnlyRootFilesystem   = null
TestTerraformConfluentPlatformExample 2022-07-27T23:37:58Z logger.go:66:                       - runAsGroup               = null
TestTerraformConfluentPlatformExample 2022-07-27T23:37:58Z logger.go:66:                       - runAsNonRoot             = null
TestTerraformConfluentPlatformExample 2022-07-27T23:37:58Z logger.go:66:                       - runAsUser                = null
TestTerraformConfluentPlatformExample 2022-07-27T23:37:58Z logger.go:66:                       - seLinuxOptions           = {
TestTerraformConfluentPlatformExample 2022-07-27T23:37:58Z logger.go:66:                           - level = null
TestTerraformConfluentPlatformExample 2022-07-27T23:37:58Z logger.go:66:                           - role  = null
TestTerraformConfluentPlatformExample 2022-07-27T23:37:58Z logger.go:66:                           - type  = null
TestTerraformConfluentPlatformExample 2022-07-27T23:37:58Z logger.go:66:                           - user  = null
TestTerraformConfluentPlatformExample 2022-07-27T23:37:58Z logger.go:66:                         }
TestTerraformConfluentPlatformExample 2022-07-27T23:37:58Z logger.go:66:                       - seccompProfile           = {
TestTerraformConfluentPlatformExample 2022-07-27T23:37:58Z logger.go:66:                           - localhostProfile = null
TestTerraformConfluentPlatformExample 2022-07-27T23:37:58Z logger.go:66:                           - type             = null
TestTerraformConfluentPlatformExample 2022-07-27T23:37:58Z logger.go:66:                         }
TestTerraformConfluentPlatformExample 2022-07-27T23:37:58Z logger.go:66:                       - windowsOptions           = {
TestTerraformConfluentPlatformExample 2022-07-27T23:37:58Z logger.go:66:                           - gmsaCredentialSpec     = null
TestTerraformConfluentPlatformExample 2022-07-27T23:37:58Z logger.go:66:                           - gmsaCredentialSpecName = null
TestTerraformConfluentPlatformExample 2022-07-27T23:37:58Z logger.go:66:                           - hostProcess            = null
TestTerraformConfluentPlatformExample 2022-07-27T23:37:58Z logger.go:66:                           - runAsUserName          = null
TestTerraformConfluentPlatformExample 2022-07-27T23:37:58Z logger.go:66:                         }
TestTerraformConfluentPlatformExample 2022-07-27T23:37:58Z logger.go:66:                     }
TestTerraformConfluentPlatformExample 2022-07-27T23:37:58Z logger.go:66:                   - serviceAccountName            = null
TestTerraformConfluentPlatformExample 2022-07-27T23:37:58Z logger.go:66:                   - terminationGracePeriodSeconds = null
TestTerraformConfluentPlatformExample 2022-07-27T23:37:58Z logger.go:66:                   - tolerations                   = null
TestTerraformConfluentPlatformExample 2022-07-27T23:37:58Z logger.go:66:                   - topologySpreadConstraints     = null
TestTerraformConfluentPlatformExample 2022-07-27T23:37:58Z logger.go:66:                 }
TestTerraformConfluentPlatformExample 2022-07-27T23:37:58Z logger.go:66:               - replicas           = 3
TestTerraformConfluentPlatformExample 2022-07-27T23:37:58Z logger.go:66:               - storageClass       = {
TestTerraformConfluentPlatformExample 2022-07-27T23:37:58Z logger.go:66:                   - name = null
TestTerraformConfluentPlatformExample 2022-07-27T23:37:58Z logger.go:66:                 }
TestTerraformConfluentPlatformExample 2022-07-27T23:37:58Z logger.go:66:               - tls                = {
TestTerraformConfluentPlatformExample 2022-07-27T23:37:58Z logger.go:66:                   - autoGeneratedCerts       = null
TestTerraformConfluentPlatformExample 2022-07-27T23:37:58Z logger.go:66:                   - directoryPathInContainer = null
TestTerraformConfluentPlatformExample 2022-07-27T23:37:58Z logger.go:66:                   - ignoreTrustStoreConfig   = null
TestTerraformConfluentPlatformExample 2022-07-27T23:37:58Z logger.go:66:                   - jksPassword              = {
TestTerraformConfluentPlatformExample 2022-07-27T23:37:58Z logger.go:66:                       - secretRef = null
TestTerraformConfluentPlatformExample 2022-07-27T23:37:58Z logger.go:66:                     }
TestTerraformConfluentPlatformExample 2022-07-27T23:37:58Z logger.go:66:                   - secretRef                = null
TestTerraformConfluentPlatformExample 2022-07-27T23:37:58Z logger.go:66:                 }
TestTerraformConfluentPlatformExample 2022-07-27T23:37:58Z logger.go:66:             }
TestTerraformConfluentPlatformExample 2022-07-27T23:37:58Z logger.go:66:         } -> null
TestTerraformConfluentPlatformExample 2022-07-27T23:37:58Z logger.go:66:
TestTerraformConfluentPlatformExample 2022-07-27T23:37:58Z logger.go:66:       - timeouts {
TestTerraformConfluentPlatformExample 2022-07-27T23:37:58Z logger.go:66:           - create = "1h" -> null
TestTerraformConfluentPlatformExample 2022-07-27T23:37:58Z logger.go:66:           - delete = "5m" -> null
TestTerraformConfluentPlatformExample 2022-07-27T23:37:58Z logger.go:66:           - update = "1h" -> null
TestTerraformConfluentPlatformExample 2022-07-27T23:37:58Z logger.go:66:         }
TestTerraformConfluentPlatformExample 2022-07-27T23:37:58Z logger.go:66:
TestTerraformConfluentPlatformExample 2022-07-27T23:37:58Z logger.go:66:       - wait {
TestTerraformConfluentPlatformExample 2022-07-27T23:37:58Z logger.go:66:           - fields = {
TestTerraformConfluentPlatformExample 2022-07-27T23:37:58Z logger.go:66:               - "status.phase" = "RUNNING"
TestTerraformConfluentPlatformExample 2022-07-27T23:37:58Z logger.go:66:             } -> null
TestTerraformConfluentPlatformExample 2022-07-27T23:37:58Z logger.go:66:         }
TestTerraformConfluentPlatformExample 2022-07-27T23:37:58Z logger.go:66:     }
TestTerraformConfluentPlatformExample 2022-07-27T23:37:58Z logger.go:66:
TestTerraformConfluentPlatformExample 2022-07-27T23:37:58Z logger.go:66: Plan: 0 to add, 0 to change, 7 to destroy.
TestTerraformConfluentPlatformExample 2022-07-27T23:37:58Z logger.go:66:
TestTerraformConfluentPlatformExample 2022-07-27T23:37:58Z logger.go:66: Changes to Outputs:
TestTerraformConfluentPlatformExample 2022-07-27T23:37:58Z logger.go:66:   - connect        = {
TestTerraformConfluentPlatformExample 2022-07-27T23:37:58Z logger.go:66:       - apiVersion = "platform.confluent.io/v1beta1"
TestTerraformConfluentPlatformExample 2022-07-27T23:37:58Z logger.go:66:       - kind       = "Connect"
TestTerraformConfluentPlatformExample 2022-07-27T23:37:58Z logger.go:66:       - metadata   = {
TestTerraformConfluentPlatformExample 2022-07-27T23:37:58Z logger.go:66:           - name      = "connect"
TestTerraformConfluentPlatformExample 2022-07-27T23:37:58Z logger.go:66:           - namespace = "confluent"
TestTerraformConfluentPlatformExample 2022-07-27T23:37:58Z logger.go:66:         }
TestTerraformConfluentPlatformExample 2022-07-27T23:37:58Z logger.go:66:       - spec       = {
TestTerraformConfluentPlatformExample 2022-07-27T23:37:58Z logger.go:66:           - dependencies = {
TestTerraformConfluentPlatformExample 2022-07-27T23:37:58Z logger.go:66:               - kafka = {
TestTerraformConfluentPlatformExample 2022-07-27T23:37:58Z logger.go:66:                   - bootstrapEndpoint = "kafka:9071"
TestTerraformConfluentPlatformExample 2022-07-27T23:37:58Z logger.go:66:                 }
TestTerraformConfluentPlatformExample 2022-07-27T23:37:58Z logger.go:66:             }
TestTerraformConfluentPlatformExample 2022-07-27T23:37:58Z logger.go:66:           - image        = {
TestTerraformConfluentPlatformExample 2022-07-27T23:37:58Z logger.go:66:               - application = "confluentinc/cp-server-connect:7.2.0"
TestTerraformConfluentPlatformExample 2022-07-27T23:37:58Z logger.go:66:               - init        = "confluentinc/confluent-init-container:2.4.0"
TestTerraformConfluentPlatformExample 2022-07-27T23:37:58Z logger.go:66:             }
TestTerraformConfluentPlatformExample 2022-07-27T23:37:58Z logger.go:66:           - replicas     = 1
TestTerraformConfluentPlatformExample 2022-07-27T23:37:58Z logger.go:66:         }
TestTerraformConfluentPlatformExample 2022-07-27T23:37:58Z logger.go:66:     } -> null
TestTerraformConfluentPlatformExample 2022-07-27T23:37:58Z logger.go:66:   - controlcenter  = {
TestTerraformConfluentPlatformExample 2022-07-27T23:37:58Z logger.go:66:       - apiVersion = "platform.confluent.io/v1beta1"
TestTerraformConfluentPlatformExample 2022-07-27T23:37:58Z logger.go:66:       - kind       = "ControlCenter"
TestTerraformConfluentPlatformExample 2022-07-27T23:37:58Z logger.go:66:       - metadata   = {
TestTerraformConfluentPlatformExample 2022-07-27T23:37:58Z logger.go:66:           - name      = "controlcenter"
TestTerraformConfluentPlatformExample 2022-07-27T23:37:58Z logger.go:66:           - namespace = "confluent"
TestTerraformConfluentPlatformExample 2022-07-27T23:37:58Z logger.go:66:         }
TestTerraformConfluentPlatformExample 2022-07-27T23:37:58Z logger.go:66:       - spec       = {
TestTerraformConfluentPlatformExample 2022-07-27T23:37:58Z logger.go:66:           - dataVolumeCapacity = "10Gi"
TestTerraformConfluentPlatformExample 2022-07-27T23:37:58Z logger.go:66:           - dependencies       = {
TestTerraformConfluentPlatformExample 2022-07-27T23:37:58Z logger.go:66:               - connect        = [
TestTerraformConfluentPlatformExample 2022-07-27T23:37:58Z logger.go:66:                   - {
TestTerraformConfluentPlatformExample 2022-07-27T23:37:58Z logger.go:66:                       - name = "connect"
TestTerraformConfluentPlatformExample 2022-07-27T23:37:58Z logger.go:66:                       - url  = "http://connect.confluent.svc.cluster.local:8083"
TestTerraformConfluentPlatformExample 2022-07-27T23:37:58Z logger.go:66:                     },
TestTerraformConfluentPlatformExample 2022-07-27T23:37:58Z logger.go:66:                 ]
TestTerraformConfluentPlatformExample 2022-07-27T23:37:58Z logger.go:66:               - ksqldb         = [
TestTerraformConfluentPlatformExample 2022-07-27T23:37:58Z logger.go:66:                   - {
TestTerraformConfluentPlatformExample 2022-07-27T23:37:58Z logger.go:66:                       - name = "ksqldb"
TestTerraformConfluentPlatformExample 2022-07-27T23:37:58Z logger.go:66:                       - url  = "http://ksqldb.confluent.svc.cluster.local:8088"
TestTerraformConfluentPlatformExample 2022-07-27T23:37:58Z logger.go:66:                     },
TestTerraformConfluentPlatformExample 2022-07-27T23:37:58Z logger.go:66:                 ]
TestTerraformConfluentPlatformExample 2022-07-27T23:37:58Z logger.go:66:               - schemaRegistry = {
TestTerraformConfluentPlatformExample 2022-07-27T23:37:58Z logger.go:66:                   - url = "http://schemaregistry.confluent.svc.cluster.local:8081"
TestTerraformConfluentPlatformExample 2022-07-27T23:37:58Z logger.go:66:                 }
TestTerraformConfluentPlatformExample 2022-07-27T23:37:58Z logger.go:66:             }
TestTerraformConfluentPlatformExample 2022-07-27T23:37:58Z logger.go:66:           - image              = {
TestTerraformConfluentPlatformExample 2022-07-27T23:37:58Z logger.go:66:               - application = "confluentinc/cp-enterprise-control-center:7.2.0"
TestTerraformConfluentPlatformExample 2022-07-27T23:37:58Z logger.go:66:               - init        = "confluentinc/confluent-init-container:2.4.0"
TestTerraformConfluentPlatformExample 2022-07-27T23:37:58Z logger.go:66:             }
TestTerraformConfluentPlatformExample 2022-07-27T23:37:58Z logger.go:66:           - replicas           = 1
TestTerraformConfluentPlatformExample 2022-07-27T23:37:58Z logger.go:66:         }
TestTerraformConfluentPlatformExample 2022-07-27T23:37:58Z logger.go:66:     } -> null
TestTerraformConfluentPlatformExample 2022-07-27T23:37:58Z logger.go:66:   - kafka          = {
TestTerraformConfluentPlatformExample 2022-07-27T23:37:58Z logger.go:66:       - apiVersion = "platform.confluent.io/v1beta1"
TestTerraformConfluentPlatformExample 2022-07-27T23:37:58Z logger.go:66:       - kind       = "Kafka"
TestTerraformConfluentPlatformExample 2022-07-27T23:37:58Z logger.go:66:       - metadata   = {
TestTerraformConfluentPlatformExample 2022-07-27T23:37:58Z logger.go:66:           - name      = "kafka"
TestTerraformConfluentPlatformExample 2022-07-27T23:37:58Z logger.go:66:           - namespace = "confluent"
TestTerraformConfluentPlatformExample 2022-07-27T23:37:58Z logger.go:66:         }
TestTerraformConfluentPlatformExample 2022-07-27T23:37:58Z logger.go:66:       - spec       = {
TestTerraformConfluentPlatformExample 2022-07-27T23:37:58Z logger.go:66:           - dataVolumeCapacity = "10Gi"
TestTerraformConfluentPlatformExample 2022-07-27T23:37:58Z logger.go:66:           - image              = {
TestTerraformConfluentPlatformExample 2022-07-27T23:37:58Z logger.go:66:               - application = "confluentinc/cp-server:7.2.0"
TestTerraformConfluentPlatformExample 2022-07-27T23:37:58Z logger.go:66:               - init        = "confluentinc/confluent-init-container:2.4.0"
TestTerraformConfluentPlatformExample 2022-07-27T23:37:58Z logger.go:66:             }
TestTerraformConfluentPlatformExample 2022-07-27T23:37:58Z logger.go:66:           - metricReporter     = {
TestTerraformConfluentPlatformExample 2022-07-27T23:37:58Z logger.go:66:               - enabled = true
TestTerraformConfluentPlatformExample 2022-07-27T23:37:58Z logger.go:66:             }
TestTerraformConfluentPlatformExample 2022-07-27T23:37:58Z logger.go:66:           - replicas           = 3
TestTerraformConfluentPlatformExample 2022-07-27T23:37:58Z logger.go:66:         }
TestTerraformConfluentPlatformExample 2022-07-27T23:37:58Z logger.go:66:     } -> null
TestTerraformConfluentPlatformExample 2022-07-27T23:37:58Z logger.go:66:   - kafkarestproxy = {
TestTerraformConfluentPlatformExample 2022-07-27T23:37:58Z logger.go:66:       - apiVersion = "platform.confluent.io/v1beta1"
TestTerraformConfluentPlatformExample 2022-07-27T23:37:58Z logger.go:66:       - kind       = "KafkaRestProxy"
TestTerraformConfluentPlatformExample 2022-07-27T23:37:58Z logger.go:66:       - metadata   = {
TestTerraformConfluentPlatformExample 2022-07-27T23:37:58Z logger.go:66:           - name      = "kafkarestproxy"
TestTerraformConfluentPlatformExample 2022-07-27T23:37:58Z logger.go:66:           - namespace = "confluent"
TestTerraformConfluentPlatformExample 2022-07-27T23:37:58Z logger.go:66:         }
TestTerraformConfluentPlatformExample 2022-07-27T23:37:58Z logger.go:66:       - spec       = {
TestTerraformConfluentPlatformExample 2022-07-27T23:37:58Z logger.go:66:           - dependencies = {
TestTerraformConfluentPlatformExample 2022-07-27T23:37:58Z logger.go:66:               - schemaRegistry = {
TestTerraformConfluentPlatformExample 2022-07-27T23:37:58Z logger.go:66:                   - url = "http://schemaregistry.confluent.svc.cluster.local:8081"
TestTerraformConfluentPlatformExample 2022-07-27T23:37:58Z logger.go:66:                 }
TestTerraformConfluentPlatformExample 2022-07-27T23:37:58Z logger.go:66:             }
TestTerraformConfluentPlatformExample 2022-07-27T23:37:58Z logger.go:66:           - image        = {
TestTerraformConfluentPlatformExample 2022-07-27T23:37:58Z logger.go:66:               - application = "confluentinc/cp-kafka-rest:7.2.0"
TestTerraformConfluentPlatformExample 2022-07-27T23:37:58Z logger.go:66:               - init        = "confluentinc/confluent-init-container:2.4.0"
TestTerraformConfluentPlatformExample 2022-07-27T23:37:58Z logger.go:66:             }
TestTerraformConfluentPlatformExample 2022-07-27T23:37:58Z logger.go:66:           - replicas     = 1
TestTerraformConfluentPlatformExample 2022-07-27T23:37:58Z logger.go:66:         }
TestTerraformConfluentPlatformExample 2022-07-27T23:37:58Z logger.go:66:     } -> null
TestTerraformConfluentPlatformExample 2022-07-27T23:37:58Z logger.go:66:   - ksqldb         = {
TestTerraformConfluentPlatformExample 2022-07-27T23:37:58Z logger.go:66:       - apiVersion = "platform.confluent.io/v1beta1"
TestTerraformConfluentPlatformExample 2022-07-27T23:37:58Z logger.go:66:       - kind       = "KsqlDB"
TestTerraformConfluentPlatformExample 2022-07-27T23:37:58Z logger.go:66:       - metadata   = {
TestTerraformConfluentPlatformExample 2022-07-27T23:37:58Z logger.go:66:           - name      = "ksqldb"
TestTerraformConfluentPlatformExample 2022-07-27T23:37:58Z logger.go:66:           - namespace = "confluent"
TestTerraformConfluentPlatformExample 2022-07-27T23:37:58Z logger.go:66:         }
TestTerraformConfluentPlatformExample 2022-07-27T23:37:58Z logger.go:66:       - spec       = {
TestTerraformConfluentPlatformExample 2022-07-27T23:37:58Z logger.go:66:           - dataVolumeCapacity = "10Gi"
TestTerraformConfluentPlatformExample 2022-07-27T23:37:58Z logger.go:66:           - image              = {
TestTerraformConfluentPlatformExample 2022-07-27T23:37:58Z logger.go:66:               - application = "confluentinc/cp-ksqldb-server:7.2.0"
TestTerraformConfluentPlatformExample 2022-07-27T23:37:58Z logger.go:66:               - init        = "confluentinc/confluent-init-container:2.4.0"
TestTerraformConfluentPlatformExample 2022-07-27T23:37:58Z logger.go:66:             }
TestTerraformConfluentPlatformExample 2022-07-27T23:37:58Z logger.go:66:           - replicas           = 1
TestTerraformConfluentPlatformExample 2022-07-27T23:37:58Z logger.go:66:         }
TestTerraformConfluentPlatformExample 2022-07-27T23:37:58Z logger.go:66:     } -> null
TestTerraformConfluentPlatformExample 2022-07-27T23:37:58Z logger.go:66:   - namespace      = "confluent" -> null
TestTerraformConfluentPlatformExample 2022-07-27T23:37:58Z logger.go:66:   - schemaregistry = {
TestTerraformConfluentPlatformExample 2022-07-27T23:37:58Z logger.go:66:       - apiVersion = "platform.confluent.io/v1beta1"
TestTerraformConfluentPlatformExample 2022-07-27T23:37:58Z logger.go:66:       - kind       = "SchemaRegistry"
TestTerraformConfluentPlatformExample 2022-07-27T23:37:58Z logger.go:66:       - metadata   = {
TestTerraformConfluentPlatformExample 2022-07-27T23:37:58Z logger.go:66:           - name      = "schemaregistry"
TestTerraformConfluentPlatformExample 2022-07-27T23:37:58Z logger.go:66:           - namespace = "confluent"
TestTerraformConfluentPlatformExample 2022-07-27T23:37:58Z logger.go:66:         }
TestTerraformConfluentPlatformExample 2022-07-27T23:37:58Z logger.go:66:       - spec       = {
TestTerraformConfluentPlatformExample 2022-07-27T23:37:58Z logger.go:66:           - image    = {
TestTerraformConfluentPlatformExample 2022-07-27T23:37:58Z logger.go:66:               - application = "confluentinc/cp-schema-registry:7.2.0"
TestTerraformConfluentPlatformExample 2022-07-27T23:37:58Z logger.go:66:               - init        = "confluentinc/confluent-init-container:2.4.0"
TestTerraformConfluentPlatformExample 2022-07-27T23:37:58Z logger.go:66:             }
TestTerraformConfluentPlatformExample 2022-07-27T23:37:58Z logger.go:66:           - replicas = 3
TestTerraformConfluentPlatformExample 2022-07-27T23:37:58Z logger.go:66:         }
TestTerraformConfluentPlatformExample 2022-07-27T23:37:58Z logger.go:66:     } -> null
TestTerraformConfluentPlatformExample 2022-07-27T23:37:58Z logger.go:66:   - zookeeper      = {
TestTerraformConfluentPlatformExample 2022-07-27T23:37:58Z logger.go:66:       - apiVersion = "platform.confluent.io/v1beta1"
TestTerraformConfluentPlatformExample 2022-07-27T23:37:58Z logger.go:66:       - kind       = "Zookeeper"
TestTerraformConfluentPlatformExample 2022-07-27T23:37:58Z logger.go:66:       - metadata   = {
TestTerraformConfluentPlatformExample 2022-07-27T23:37:58Z logger.go:66:           - name      = "zookeeper"
TestTerraformConfluentPlatformExample 2022-07-27T23:37:58Z logger.go:66:           - namespace = "confluent"
TestTerraformConfluentPlatformExample 2022-07-27T23:37:58Z logger.go:66:         }
TestTerraformConfluentPlatformExample 2022-07-27T23:37:58Z logger.go:66:       - spec       = {
TestTerraformConfluentPlatformExample 2022-07-27T23:37:58Z logger.go:66:           - dataVolumeCapacity = "10Gi"
TestTerraformConfluentPlatformExample 2022-07-27T23:37:58Z logger.go:66:           - image              = {
TestTerraformConfluentPlatformExample 2022-07-27T23:37:58Z logger.go:66:               - application = "confluentinc/cp-zookeeper:7.2.0"
TestTerraformConfluentPlatformExample 2022-07-27T23:37:58Z logger.go:66:               - init        = "confluentinc/confluent-init-container:2.4.0"
TestTerraformConfluentPlatformExample 2022-07-27T23:37:58Z logger.go:66:             }
TestTerraformConfluentPlatformExample 2022-07-27T23:37:58Z logger.go:66:           - logVolumeCapacity  = "10Gi"
TestTerraformConfluentPlatformExample 2022-07-27T23:37:58Z logger.go:66:           - replicas           = 3
TestTerraformConfluentPlatformExample 2022-07-27T23:37:58Z logger.go:66:         }
TestTerraformConfluentPlatformExample 2022-07-27T23:37:58Z logger.go:66:     } -> null
TestTerraformConfluentPlatformExample 2022-07-27T23:38:03Z logger.go:66: module.confluent_platform.kubernetes_manifest.zookeeper[0]: Destroying...
TestTerraformConfluentPlatformExample 2022-07-27T23:38:03Z logger.go:66: module.confluent_platform.kubernetes_manifest.kafkarestproxy[0]: Destroying...
TestTerraformConfluentPlatformExample 2022-07-27T23:38:03Z logger.go:66: module.confluent_platform.kubernetes_manifest.ksqldb[0]: Destroying...
TestTerraformConfluentPlatformExample 2022-07-27T23:38:03Z logger.go:66: module.confluent_platform.kubernetes_manifest.schemaregistry[0]: Destroying...
TestTerraformConfluentPlatformExample 2022-07-27T23:38:03Z logger.go:66: module.confluent_platform.kubernetes_manifest.connect[0]: Destroying...
TestTerraformConfluentPlatformExample 2022-07-27T23:38:03Z logger.go:66: module.confluent_platform.kubernetes_manifest.controlcenter[0]: Destroying...
TestTerraformConfluentPlatformExample 2022-07-27T23:38:03Z logger.go:66: module.confluent_platform.kubernetes_manifest.kafka[0]: Destroying...
TestTerraformConfluentPlatformExample 2022-07-27T23:38:04Z logger.go:66: module.confluent_platform.kubernetes_manifest.zookeeper[0]: Destruction complete after 1s
TestTerraformConfluentPlatformExample 2022-07-27T23:38:04Z logger.go:66: module.confluent_platform.kubernetes_manifest.kafkarestproxy[0]: Destruction complete after 2s
TestTerraformConfluentPlatformExample 2022-07-27T23:38:04Z logger.go:66: module.confluent_platform.kubernetes_manifest.ksqldb[0]: Destruction complete after 2s
TestTerraformConfluentPlatformExample 2022-07-27T23:38:04Z logger.go:66: module.confluent_platform.kubernetes_manifest.schemaregistry[0]: Destruction complete after 2s
TestTerraformConfluentPlatformExample 2022-07-27T23:38:05Z logger.go:66: module.confluent_platform.kubernetes_manifest.connect[0]: Destruction complete after 2s
TestTerraformConfluentPlatformExample 2022-07-27T23:38:05Z logger.go:66: module.confluent_platform.kubernetes_manifest.controlcenter[0]: Destruction complete after 1s
TestTerraformConfluentPlatformExample 2022-07-27T23:38:05Z logger.go:66: module.confluent_platform.kubernetes_manifest.kafka[0]: Destruction complete after 2s
TestTerraformConfluentPlatformExample 2022-07-27T23:38:05Z logger.go:66:
TestTerraformConfluentPlatformExample 2022-07-27T23:38:05Z logger.go:66: Destroy complete! Resources: 7 destroyed.
--- PASS: TestTerraformConfluentPlatformExample (452.73s)
PASS
ok  	command-line-arguments	452.849s
