=== RUN   TestTerraformKafkaTopicsExample
TestTerraformKafkaTopicsExample 2022-08-04T18:49:35Z retry.go:91: terraform [init -upgrade=false]
TestTerraformKafkaTopicsExample 2022-08-04T18:49:35Z logger.go:66: Running command terraform with args [init -upgrade=false]
TestTerraformKafkaTopicsExample 2022-08-04T18:49:35Z logger.go:66: [0m[1mInitializing modules...[0m
TestTerraformKafkaTopicsExample 2022-08-04T18:49:37Z logger.go:66:
TestTerraformKafkaTopicsExample 2022-08-04T18:49:37Z logger.go:66: [0m[1mInitializing the backend...[0m
TestTerraformKafkaTopicsExample 2022-08-04T18:49:38Z logger.go:66:
TestTerraformKafkaTopicsExample 2022-08-04T18:49:38Z logger.go:66: [0m[1mInitializing provider plugins...[0m
TestTerraformKafkaTopicsExample 2022-08-04T18:49:39Z logger.go:66: - Reusing previous version of hashicorp/kubernetes from the dependency lock file
TestTerraformKafkaTopicsExample 2022-08-04T18:49:39Z logger.go:66: - Reusing previous version of hashicorp/helm from the dependency lock file
TestTerraformKafkaTopicsExample 2022-08-04T18:49:39Z logger.go:66: - Using previously-installed hashicorp/kubernetes v2.12.1
TestTerraformKafkaTopicsExample 2022-08-04T18:49:39Z logger.go:66: - Using previously-installed hashicorp/helm v2.6.0
TestTerraformKafkaTopicsExample 2022-08-04T18:49:39Z logger.go:66:
TestTerraformKafkaTopicsExample 2022-08-04T18:49:39Z logger.go:66: [0m[1m[32mTerraform has been successfully initialized![0m[32m[0m
TestTerraformKafkaTopicsExample 2022-08-04T18:49:39Z logger.go:66: [0m[32m
TestTerraformKafkaTopicsExample 2022-08-04T18:49:39Z logger.go:66: You may now begin working with Terraform. Try running "terraform plan" to see
TestTerraformKafkaTopicsExample 2022-08-04T18:49:39Z logger.go:66: any changes that are required for your infrastructure. All Terraform commands
TestTerraformKafkaTopicsExample 2022-08-04T18:49:39Z logger.go:66: should now work.
TestTerraformKafkaTopicsExample 2022-08-04T18:49:39Z logger.go:66:
TestTerraformKafkaTopicsExample 2022-08-04T18:49:39Z logger.go:66: If you ever set or change modules or backend configuration for Terraform,
TestTerraformKafkaTopicsExample 2022-08-04T18:49:39Z logger.go:66: rerun this command to reinitialize your working directory. If you forget, other
TestTerraformKafkaTopicsExample 2022-08-04T18:49:39Z logger.go:66: commands will detect it and remind you to do so if necessary.[0m
TestTerraformKafkaTopicsExample 2022-08-04T18:49:39Z retry.go:91: terraform [apply -input=false -auto-approve -no-color -lock=false]
TestTerraformKafkaTopicsExample 2022-08-04T18:49:39Z logger.go:66: Running command terraform with args [apply -input=false -auto-approve -no-color -lock=false]
TestTerraformKafkaTopicsExample 2022-08-04T18:49:47Z logger.go:66:
TestTerraformKafkaTopicsExample 2022-08-04T18:49:47Z logger.go:66: Terraform used the selected providers to generate the following execution
TestTerraformKafkaTopicsExample 2022-08-04T18:49:47Z logger.go:66: plan. Resource actions are indicated with the following symbols:
TestTerraformKafkaTopicsExample 2022-08-04T18:49:47Z logger.go:66:   + create
TestTerraformKafkaTopicsExample 2022-08-04T18:49:47Z logger.go:66:  <= read (data resources)
TestTerraformKafkaTopicsExample 2022-08-04T18:49:47Z logger.go:66:
TestTerraformKafkaTopicsExample 2022-08-04T18:49:47Z logger.go:66: Terraform will perform the following actions:
TestTerraformKafkaTopicsExample 2022-08-04T18:49:47Z logger.go:66:
TestTerraformKafkaTopicsExample 2022-08-04T18:49:47Z logger.go:66:   # module.confluent_platform.data.kubernetes_resource.components["kafka"] will be read during apply
TestTerraformKafkaTopicsExample 2022-08-04T18:49:47Z logger.go:66:   # (depends on a resource or a module with changes pending)
TestTerraformKafkaTopicsExample 2022-08-04T18:49:47Z logger.go:66:  <= data "kubernetes_resource" "components" {
TestTerraformKafkaTopicsExample 2022-08-04T18:49:47Z logger.go:66:       + api_version = "platform.confluent.io/v1beta1"
TestTerraformKafkaTopicsExample 2022-08-04T18:49:47Z logger.go:66:       + kind        = "Kafka"
TestTerraformKafkaTopicsExample 2022-08-04T18:49:47Z logger.go:66:       + object      = (known after apply)
TestTerraformKafkaTopicsExample 2022-08-04T18:49:47Z logger.go:66:
TestTerraformKafkaTopicsExample 2022-08-04T18:49:47Z logger.go:66:       + metadata {
TestTerraformKafkaTopicsExample 2022-08-04T18:49:47Z logger.go:66:           + name      = "kafka"
TestTerraformKafkaTopicsExample 2022-08-04T18:49:47Z logger.go:66:           + namespace = "confluent"
TestTerraformKafkaTopicsExample 2022-08-04T18:49:47Z logger.go:66:         }
TestTerraformKafkaTopicsExample 2022-08-04T18:49:47Z logger.go:66:     }
TestTerraformKafkaTopicsExample 2022-08-04T18:49:47Z logger.go:66:
TestTerraformKafkaTopicsExample 2022-08-04T18:49:47Z logger.go:66:   # module.confluent_platform.data.kubernetes_resource.components["zookeeper"] will be read during apply
TestTerraformKafkaTopicsExample 2022-08-04T18:49:47Z logger.go:66:   # (depends on a resource or a module with changes pending)
TestTerraformKafkaTopicsExample 2022-08-04T18:49:47Z logger.go:66:  <= data "kubernetes_resource" "components" {
TestTerraformKafkaTopicsExample 2022-08-04T18:49:47Z logger.go:66:       + api_version = "platform.confluent.io/v1beta1"
TestTerraformKafkaTopicsExample 2022-08-04T18:49:47Z logger.go:66:       + kind        = "Zookeeper"
TestTerraformKafkaTopicsExample 2022-08-04T18:49:47Z logger.go:66:       + object      = (known after apply)
TestTerraformKafkaTopicsExample 2022-08-04T18:49:47Z logger.go:66:
TestTerraformKafkaTopicsExample 2022-08-04T18:49:47Z logger.go:66:       + metadata {
TestTerraformKafkaTopicsExample 2022-08-04T18:49:47Z logger.go:66:           + name      = "zookeeper"
TestTerraformKafkaTopicsExample 2022-08-04T18:49:47Z logger.go:66:           + namespace = "confluent"
TestTerraformKafkaTopicsExample 2022-08-04T18:49:47Z logger.go:66:         }
TestTerraformKafkaTopicsExample 2022-08-04T18:49:47Z logger.go:66:     }
TestTerraformKafkaTopicsExample 2022-08-04T18:49:47Z logger.go:66:
TestTerraformKafkaTopicsExample 2022-08-04T18:49:47Z logger.go:66:   # module.confluent_platform.kubernetes_manifest.components["kafka"] will be created
TestTerraformKafkaTopicsExample 2022-08-04T18:49:47Z logger.go:66:   + resource "kubernetes_manifest" "components" {
TestTerraformKafkaTopicsExample 2022-08-04T18:49:47Z logger.go:66:       + computed_fields = [
TestTerraformKafkaTopicsExample 2022-08-04T18:49:47Z logger.go:66:           + "metadata.finalizers",
TestTerraformKafkaTopicsExample 2022-08-04T18:49:47Z logger.go:66:         ]
TestTerraformKafkaTopicsExample 2022-08-04T18:49:47Z logger.go:66:       + manifest        = {
TestTerraformKafkaTopicsExample 2022-08-04T18:49:47Z logger.go:66:           + apiVersion = "platform.confluent.io/v1beta1"
TestTerraformKafkaTopicsExample 2022-08-04T18:49:47Z logger.go:66:           + kind       = "Kafka"
TestTerraformKafkaTopicsExample 2022-08-04T18:49:47Z logger.go:66:           + metadata   = {
TestTerraformKafkaTopicsExample 2022-08-04T18:49:47Z logger.go:66:               + name      = "kafka"
TestTerraformKafkaTopicsExample 2022-08-04T18:49:47Z logger.go:66:               + namespace = "confluent"
TestTerraformKafkaTopicsExample 2022-08-04T18:49:47Z logger.go:66:             }
TestTerraformKafkaTopicsExample 2022-08-04T18:49:47Z logger.go:66:           + spec       = {
TestTerraformKafkaTopicsExample 2022-08-04T18:49:47Z logger.go:66:               + dataVolumeCapacity = "10Gi"
TestTerraformKafkaTopicsExample 2022-08-04T18:49:47Z logger.go:66:               + image              = {
TestTerraformKafkaTopicsExample 2022-08-04T18:49:47Z logger.go:66:                   + application = "confluentinc/cp-server:7.2.0"
TestTerraformKafkaTopicsExample 2022-08-04T18:49:47Z logger.go:66:                   + init        = "confluentinc/confluent-init-container:2.4.0"
TestTerraformKafkaTopicsExample 2022-08-04T18:49:47Z logger.go:66:                 }
TestTerraformKafkaTopicsExample 2022-08-04T18:49:47Z logger.go:66:               + metricReporter     = {
TestTerraformKafkaTopicsExample 2022-08-04T18:49:47Z logger.go:66:                   + enabled = true
TestTerraformKafkaTopicsExample 2022-08-04T18:49:47Z logger.go:66:                 }
TestTerraformKafkaTopicsExample 2022-08-04T18:49:47Z logger.go:66:               + replicas           = 3
TestTerraformKafkaTopicsExample 2022-08-04T18:49:47Z logger.go:66:             }
TestTerraformKafkaTopicsExample 2022-08-04T18:49:47Z logger.go:66:         }
TestTerraformKafkaTopicsExample 2022-08-04T18:49:47Z logger.go:66:       + object          = {
TestTerraformKafkaTopicsExample 2022-08-04T18:49:47Z logger.go:66:           + apiVersion = "platform.confluent.io/v1beta1"
TestTerraformKafkaTopicsExample 2022-08-04T18:49:47Z logger.go:66:           + kind       = "Kafka"
TestTerraformKafkaTopicsExample 2022-08-04T18:49:47Z logger.go:66:           + metadata   = {
TestTerraformKafkaTopicsExample 2022-08-04T18:49:47Z logger.go:66:               + annotations                = (known after apply)
TestTerraformKafkaTopicsExample 2022-08-04T18:49:47Z logger.go:66:               + clusterName                = (known after apply)
TestTerraformKafkaTopicsExample 2022-08-04T18:49:47Z logger.go:66:               + creationTimestamp          = (known after apply)
TestTerraformKafkaTopicsExample 2022-08-04T18:49:47Z logger.go:66:               + deletionGracePeriodSeconds = (known after apply)
TestTerraformKafkaTopicsExample 2022-08-04T18:49:47Z logger.go:66:               + deletionTimestamp          = (known after apply)
TestTerraformKafkaTopicsExample 2022-08-04T18:49:47Z logger.go:66:               + finalizers                 = (known after apply)
TestTerraformKafkaTopicsExample 2022-08-04T18:49:47Z logger.go:66:               + generateName               = (known after apply)
TestTerraformKafkaTopicsExample 2022-08-04T18:49:47Z logger.go:66:               + generation                 = (known after apply)
TestTerraformKafkaTopicsExample 2022-08-04T18:49:47Z logger.go:66:               + labels                     = (known after apply)
TestTerraformKafkaTopicsExample 2022-08-04T18:49:47Z logger.go:66:               + managedFields              = (known after apply)
TestTerraformKafkaTopicsExample 2022-08-04T18:49:47Z logger.go:66:               + name                       = "kafka"
TestTerraformKafkaTopicsExample 2022-08-04T18:49:47Z logger.go:66:               + namespace                  = "confluent"
TestTerraformKafkaTopicsExample 2022-08-04T18:49:47Z logger.go:66:               + ownerReferences            = (known after apply)
TestTerraformKafkaTopicsExample 2022-08-04T18:49:47Z logger.go:66:               + resourceVersion            = (known after apply)
TestTerraformKafkaTopicsExample 2022-08-04T18:49:47Z logger.go:66:               + selfLink                   = (known after apply)
TestTerraformKafkaTopicsExample 2022-08-04T18:49:47Z logger.go:66:               + uid                        = (known after apply)
TestTerraformKafkaTopicsExample 2022-08-04T18:49:47Z logger.go:66:             }
TestTerraformKafkaTopicsExample 2022-08-04T18:49:47Z logger.go:66:           + spec       = {
TestTerraformKafkaTopicsExample 2022-08-04T18:49:47Z logger.go:66:               + authorization      = {
TestTerraformKafkaTopicsExample 2022-08-04T18:49:47Z logger.go:66:                   + superUsers = (known after apply)
TestTerraformKafkaTopicsExample 2022-08-04T18:49:47Z logger.go:66:                   + type       = (known after apply)
TestTerraformKafkaTopicsExample 2022-08-04T18:49:47Z logger.go:66:                 }
TestTerraformKafkaTopicsExample 2022-08-04T18:49:47Z logger.go:66:               + configOverrides    = {
TestTerraformKafkaTopicsExample 2022-08-04T18:49:47Z logger.go:66:                   + jvm    = (known after apply)
TestTerraformKafkaTopicsExample 2022-08-04T18:49:47Z logger.go:66:                   + log4j  = (known after apply)
TestTerraformKafkaTopicsExample 2022-08-04T18:49:47Z logger.go:66:                   + server = (known after apply)
TestTerraformKafkaTopicsExample 2022-08-04T18:49:47Z logger.go:66:                 }
TestTerraformKafkaTopicsExample 2022-08-04T18:49:47Z logger.go:66:               + dataVolumeCapacity = "10Gi"
TestTerraformKafkaTopicsExample 2022-08-04T18:49:47Z logger.go:66:               + dependencies       = {
TestTerraformKafkaTopicsExample 2022-08-04T18:49:47Z logger.go:66:                   + kafkaRest      = {
TestTerraformKafkaTopicsExample 2022-08-04T18:49:47Z logger.go:66:                       + authentication    = {
TestTerraformKafkaTopicsExample 2022-08-04T18:49:47Z logger.go:66:                           + bearer                = {
TestTerraformKafkaTopicsExample 2022-08-04T18:49:47Z logger.go:66:                               + directoryPathInContainer = (known after apply)
TestTerraformKafkaTopicsExample 2022-08-04T18:49:47Z logger.go:66:                               + secretRef                = (known after apply)
TestTerraformKafkaTopicsExample 2022-08-04T18:49:47Z logger.go:66:                             }
TestTerraformKafkaTopicsExample 2022-08-04T18:49:47Z logger.go:66:                           + jaasConfig            = {
TestTerraformKafkaTopicsExample 2022-08-04T18:49:47Z logger.go:66:                               + secretRef = (known after apply)
TestTerraformKafkaTopicsExample 2022-08-04T18:49:47Z logger.go:66:                             }
TestTerraformKafkaTopicsExample 2022-08-04T18:49:47Z logger.go:66:                           + jaasConfigPassThrough = {
TestTerraformKafkaTopicsExample 2022-08-04T18:49:47Z logger.go:66:                               + directoryPathInContainer = (known after apply)
TestTerraformKafkaTopicsExample 2022-08-04T18:49:47Z logger.go:66:                               + secretRef                = (known after apply)
TestTerraformKafkaTopicsExample 2022-08-04T18:49:47Z logger.go:66:                             }
TestTerraformKafkaTopicsExample 2022-08-04T18:49:47Z logger.go:66:                           + oauthbearer           = {
TestTerraformKafkaTopicsExample 2022-08-04T18:49:47Z logger.go:66:                               + directoryPathInContainer = (known after apply)
TestTerraformKafkaTopicsExample 2022-08-04T18:49:47Z logger.go:66:                               + secretRef                = (known after apply)
TestTerraformKafkaTopicsExample 2022-08-04T18:49:47Z logger.go:66:                             }
TestTerraformKafkaTopicsExample 2022-08-04T18:49:47Z logger.go:66:                           + type                  = (known after apply)
TestTerraformKafkaTopicsExample 2022-08-04T18:49:47Z logger.go:66:                         }
TestTerraformKafkaTopicsExample 2022-08-04T18:49:47Z logger.go:66:                       + bootstrapEndpoint = (known after apply)
TestTerraformKafkaTopicsExample 2022-08-04T18:49:47Z logger.go:66:                       + endpoint          = (known after apply)
TestTerraformKafkaTopicsExample 2022-08-04T18:49:47Z logger.go:66:                       + tls               = {
TestTerraformKafkaTopicsExample 2022-08-04T18:49:47Z logger.go:66:                           + directoryPathInContainer = (known after apply)
TestTerraformKafkaTopicsExample 2022-08-04T18:49:47Z logger.go:66:                           + enabled                  = (known after apply)
TestTerraformKafkaTopicsExample 2022-08-04T18:49:47Z logger.go:66:                           + ignoreTrustStoreConfig   = (known after apply)
TestTerraformKafkaTopicsExample 2022-08-04T18:49:47Z logger.go:66:                           + jksPassword              = {
TestTerraformKafkaTopicsExample 2022-08-04T18:49:47Z logger.go:66:                               + secretRef = (known after apply)
TestTerraformKafkaTopicsExample 2022-08-04T18:49:47Z logger.go:66:                             }
TestTerraformKafkaTopicsExample 2022-08-04T18:49:47Z logger.go:66:                           + secretRef                = (known after apply)
TestTerraformKafkaTopicsExample 2022-08-04T18:49:47Z logger.go:66:                         }
TestTerraformKafkaTopicsExample 2022-08-04T18:49:47Z logger.go:66:                     }
TestTerraformKafkaTopicsExample 2022-08-04T18:49:47Z logger.go:66:                   + mds            = {
TestTerraformKafkaTopicsExample 2022-08-04T18:49:47Z logger.go:66:                       + endpoint     = (known after apply)
TestTerraformKafkaTopicsExample 2022-08-04T18:49:47Z logger.go:66:                       + kafka        = {
TestTerraformKafkaTopicsExample 2022-08-04T18:49:47Z logger.go:66:                           + authentication    = {
TestTerraformKafkaTopicsExample 2022-08-04T18:49:47Z logger.go:66:                               + jaasConfig            = {
TestTerraformKafkaTopicsExample 2022-08-04T18:49:47Z logger.go:66:                                   + secretRef = (known after apply)
TestTerraformKafkaTopicsExample 2022-08-04T18:49:47Z logger.go:66:                                 }
TestTerraformKafkaTopicsExample 2022-08-04T18:49:47Z logger.go:66:                               + jaasConfigPassThrough = {
TestTerraformKafkaTopicsExample 2022-08-04T18:49:47Z logger.go:66:                                   + directoryPathInContainer = (known after apply)
TestTerraformKafkaTopicsExample 2022-08-04T18:49:47Z logger.go:66:                                   + secretRef                = (known after apply)
TestTerraformKafkaTopicsExample 2022-08-04T18:49:47Z logger.go:66:                                 }
TestTerraformKafkaTopicsExample 2022-08-04T18:49:47Z logger.go:66:                               + oauthbearer           = {
TestTerraformKafkaTopicsExample 2022-08-04T18:49:47Z logger.go:66:                                   + directoryPathInContainer = (known after apply)
TestTerraformKafkaTopicsExample 2022-08-04T18:49:47Z logger.go:66:                                   + secretRef                = (known after apply)
TestTerraformKafkaTopicsExample 2022-08-04T18:49:47Z logger.go:66:                                 }
TestTerraformKafkaTopicsExample 2022-08-04T18:49:47Z logger.go:66:                               + type                  = (known after apply)
TestTerraformKafkaTopicsExample 2022-08-04T18:49:47Z logger.go:66:                             }
TestTerraformKafkaTopicsExample 2022-08-04T18:49:47Z logger.go:66:                           + bootstrapEndpoint = (known after apply)
TestTerraformKafkaTopicsExample 2022-08-04T18:49:47Z logger.go:66:                           + discovery         = {
TestTerraformKafkaTopicsExample 2022-08-04T18:49:47Z logger.go:66:                               + name      = (known after apply)
TestTerraformKafkaTopicsExample 2022-08-04T18:49:47Z logger.go:66:                               + namespace = (known after apply)
TestTerraformKafkaTopicsExample 2022-08-04T18:49:47Z logger.go:66:                               + secretRef = (known after apply)
TestTerraformKafkaTopicsExample 2022-08-04T18:49:47Z logger.go:66:                             }
TestTerraformKafkaTopicsExample 2022-08-04T18:49:47Z logger.go:66:                           + tls               = {
TestTerraformKafkaTopicsExample 2022-08-04T18:49:47Z logger.go:66:                               + directoryPathInContainer = (known after apply)
TestTerraformKafkaTopicsExample 2022-08-04T18:49:47Z logger.go:66:                               + enabled                  = (known after apply)
TestTerraformKafkaTopicsExample 2022-08-04T18:49:47Z logger.go:66:                               + ignoreTrustStoreConfig   = (known after apply)
TestTerraformKafkaTopicsExample 2022-08-04T18:49:47Z logger.go:66:                               + jksPassword              = {
TestTerraformKafkaTopicsExample 2022-08-04T18:49:47Z logger.go:66:                                   + secretRef = (known after apply)
TestTerraformKafkaTopicsExample 2022-08-04T18:49:47Z logger.go:66:                                 }
TestTerraformKafkaTopicsExample 2022-08-04T18:49:47Z logger.go:66:                               + secretRef                = (known after apply)
TestTerraformKafkaTopicsExample 2022-08-04T18:49:47Z logger.go:66:                             }
TestTerraformKafkaTopicsExample 2022-08-04T18:49:47Z logger.go:66:                         }
TestTerraformKafkaTopicsExample 2022-08-04T18:49:47Z logger.go:66:                       + tls          = {
TestTerraformKafkaTopicsExample 2022-08-04T18:49:47Z logger.go:66:                           + directoryPathInContainer = (known after apply)
TestTerraformKafkaTopicsExample 2022-08-04T18:49:47Z logger.go:66:                           + enabled                  = (known after apply)
TestTerraformKafkaTopicsExample 2022-08-04T18:49:47Z logger.go:66:                           + ignoreTrustStoreConfig   = (known after apply)
TestTerraformKafkaTopicsExample 2022-08-04T18:49:47Z logger.go:66:                           + jksPassword              = {
TestTerraformKafkaTopicsExample 2022-08-04T18:49:47Z logger.go:66:                               + secretRef = (known after apply)
TestTerraformKafkaTopicsExample 2022-08-04T18:49:47Z logger.go:66:                             }
TestTerraformKafkaTopicsExample 2022-08-04T18:49:47Z logger.go:66:                           + secretRef                = (known after apply)
TestTerraformKafkaTopicsExample 2022-08-04T18:49:47Z logger.go:66:                         }
TestTerraformKafkaTopicsExample 2022-08-04T18:49:47Z logger.go:66:                       + tokenKeyPair = {
TestTerraformKafkaTopicsExample 2022-08-04T18:49:47Z logger.go:66:                           + directoryPathInContainer = (known after apply)
TestTerraformKafkaTopicsExample 2022-08-04T18:49:47Z logger.go:66:                           + secretRef                = (known after apply)
TestTerraformKafkaTopicsExample 2022-08-04T18:49:47Z logger.go:66:                         }
TestTerraformKafkaTopicsExample 2022-08-04T18:49:47Z logger.go:66:                     }
TestTerraformKafkaTopicsExample 2022-08-04T18:49:47Z logger.go:66:                   + schemaRegistry = {
TestTerraformKafkaTopicsExample 2022-08-04T18:49:47Z logger.go:66:                       + authentication = {
TestTerraformKafkaTopicsExample 2022-08-04T18:49:47Z logger.go:66:                           + basic = {
TestTerraformKafkaTopicsExample 2022-08-04T18:49:47Z logger.go:66:                               + debug                    = (known after apply)
TestTerraformKafkaTopicsExample 2022-08-04T18:49:47Z logger.go:66:                               + directoryPathInContainer = (known after apply)
TestTerraformKafkaTopicsExample 2022-08-04T18:49:47Z logger.go:66:                               + restrictedRoles          = (known after apply)
TestTerraformKafkaTopicsExample 2022-08-04T18:49:47Z logger.go:66:                               + roles                    = (known after apply)
TestTerraformKafkaTopicsExample 2022-08-04T18:49:47Z logger.go:66:                               + secretRef                = (known after apply)
TestTerraformKafkaTopicsExample 2022-08-04T18:49:47Z logger.go:66:                             }
TestTerraformKafkaTopicsExample 2022-08-04T18:49:47Z logger.go:66:                           + type  = (known after apply)
TestTerraformKafkaTopicsExample 2022-08-04T18:49:47Z logger.go:66:                         }
TestTerraformKafkaTopicsExample 2022-08-04T18:49:47Z logger.go:66:                       + tls            = {
TestTerraformKafkaTopicsExample 2022-08-04T18:49:47Z logger.go:66:                           + directoryPathInContainer = (known after apply)
TestTerraformKafkaTopicsExample 2022-08-04T18:49:47Z logger.go:66:                           + enabled                  = (known after apply)
TestTerraformKafkaTopicsExample 2022-08-04T18:49:47Z logger.go:66:                           + ignoreTrustStoreConfig   = (known after apply)
TestTerraformKafkaTopicsExample 2022-08-04T18:49:47Z logger.go:66:                           + jksPassword              = {
TestTerraformKafkaTopicsExample 2022-08-04T18:49:47Z logger.go:66:                               + secretRef = (known after apply)
TestTerraformKafkaTopicsExample 2022-08-04T18:49:47Z logger.go:66:                             }
TestTerraformKafkaTopicsExample 2022-08-04T18:49:47Z logger.go:66:                           + secretRef                = (known after apply)
TestTerraformKafkaTopicsExample 2022-08-04T18:49:47Z logger.go:66:                         }
TestTerraformKafkaTopicsExample 2022-08-04T18:49:47Z logger.go:66:                       + url            = (known after apply)
TestTerraformKafkaTopicsExample 2022-08-04T18:49:47Z logger.go:66:                     }
TestTerraformKafkaTopicsExample 2022-08-04T18:49:47Z logger.go:66:                   + zookeeper      = {
TestTerraformKafkaTopicsExample 2022-08-04T18:49:47Z logger.go:66:                       + authentication = {
TestTerraformKafkaTopicsExample 2022-08-04T18:49:47Z logger.go:66:                           + jaasConfig            = {
TestTerraformKafkaTopicsExample 2022-08-04T18:49:47Z logger.go:66:                               + secretRef = (known after apply)
TestTerraformKafkaTopicsExample 2022-08-04T18:49:47Z logger.go:66:                             }
TestTerraformKafkaTopicsExample 2022-08-04T18:49:47Z logger.go:66:                           + jaasConfigPassThrough = {
TestTerraformKafkaTopicsExample 2022-08-04T18:49:47Z logger.go:66:                               + directoryPathInContainer = (known after apply)
TestTerraformKafkaTopicsExample 2022-08-04T18:49:47Z logger.go:66:                               + secretRef                = (known after apply)
TestTerraformKafkaTopicsExample 2022-08-04T18:49:47Z logger.go:66:                             }
TestTerraformKafkaTopicsExample 2022-08-04T18:49:47Z logger.go:66:                           + oauthbearer           = {
TestTerraformKafkaTopicsExample 2022-08-04T18:49:47Z logger.go:66:                               + directoryPathInContainer = (known after apply)
TestTerraformKafkaTopicsExample 2022-08-04T18:49:47Z logger.go:66:                               + secretRef                = (known after apply)
TestTerraformKafkaTopicsExample 2022-08-04T18:49:47Z logger.go:66:                             }
TestTerraformKafkaTopicsExample 2022-08-04T18:49:47Z logger.go:66:                           + type                  = (known after apply)
TestTerraformKafkaTopicsExample 2022-08-04T18:49:47Z logger.go:66:                         }
TestTerraformKafkaTopicsExample 2022-08-04T18:49:47Z logger.go:66:                       + discovery      = {
TestTerraformKafkaTopicsExample 2022-08-04T18:49:47Z logger.go:66:                           + name      = (known after apply)
TestTerraformKafkaTopicsExample 2022-08-04T18:49:47Z logger.go:66:                           + namespace = (known after apply)
TestTerraformKafkaTopicsExample 2022-08-04T18:49:47Z logger.go:66:                           + secretRef = (known after apply)
TestTerraformKafkaTopicsExample 2022-08-04T18:49:47Z logger.go:66:                         }
TestTerraformKafkaTopicsExample 2022-08-04T18:49:47Z logger.go:66:                       + endpoint       = (known after apply)
TestTerraformKafkaTopicsExample 2022-08-04T18:49:47Z logger.go:66:                       + tls            = {
TestTerraformKafkaTopicsExample 2022-08-04T18:49:47Z logger.go:66:                           + directoryPathInContainer = (known after apply)
TestTerraformKafkaTopicsExample 2022-08-04T18:49:47Z logger.go:66:                           + enabled                  = (known after apply)
TestTerraformKafkaTopicsExample 2022-08-04T18:49:47Z logger.go:66:                           + ignoreTrustStoreConfig   = (known after apply)
TestTerraformKafkaTopicsExample 2022-08-04T18:49:47Z logger.go:66:                           + jksPassword              = {
TestTerraformKafkaTopicsExample 2022-08-04T18:49:47Z logger.go:66:                               + secretRef = (known after apply)
TestTerraformKafkaTopicsExample 2022-08-04T18:49:47Z logger.go:66:                             }
TestTerraformKafkaTopicsExample 2022-08-04T18:49:47Z logger.go:66:                           + secretRef                = (known after apply)
TestTerraformKafkaTopicsExample 2022-08-04T18:49:47Z logger.go:66:                         }
TestTerraformKafkaTopicsExample 2022-08-04T18:49:47Z logger.go:66:                     }
TestTerraformKafkaTopicsExample 2022-08-04T18:49:47Z logger.go:66:                 }
TestTerraformKafkaTopicsExample 2022-08-04T18:49:47Z logger.go:66:               + headlessService    = {
TestTerraformKafkaTopicsExample 2022-08-04T18:49:47Z logger.go:66:                   + annotations              = (known after apply)
TestTerraformKafkaTopicsExample 2022-08-04T18:49:47Z logger.go:66:                   + labels                   = (known after apply)
TestTerraformKafkaTopicsExample 2022-08-04T18:49:47Z logger.go:66:                   + publishNotReadyAddresses = (known after apply)
TestTerraformKafkaTopicsExample 2022-08-04T18:49:47Z logger.go:66:                 }
TestTerraformKafkaTopicsExample 2022-08-04T18:49:47Z logger.go:66:               + identityProvider   = {
TestTerraformKafkaTopicsExample 2022-08-04T18:49:47Z logger.go:66:                   + ldap = {
TestTerraformKafkaTopicsExample 2022-08-04T18:49:47Z logger.go:66:                       + address        = (known after apply)
TestTerraformKafkaTopicsExample 2022-08-04T18:49:47Z logger.go:66:                       + authentication = {
TestTerraformKafkaTopicsExample 2022-08-04T18:49:47Z logger.go:66:                           + simple = {
TestTerraformKafkaTopicsExample 2022-08-04T18:49:47Z logger.go:66:                               + directoryPathInContainer = (known after apply)
TestTerraformKafkaTopicsExample 2022-08-04T18:49:47Z logger.go:66:                               + secretRef                = (known after apply)
TestTerraformKafkaTopicsExample 2022-08-04T18:49:47Z logger.go:66:                             }
TestTerraformKafkaTopicsExample 2022-08-04T18:49:47Z logger.go:66:                           + type   = (known after apply)
TestTerraformKafkaTopicsExample 2022-08-04T18:49:47Z logger.go:66:                         }
TestTerraformKafkaTopicsExample 2022-08-04T18:49:47Z logger.go:66:                       + configurations = {
TestTerraformKafkaTopicsExample 2022-08-04T18:49:47Z logger.go:66:                           + groupMemberAttribute         = (known after apply)
TestTerraformKafkaTopicsExample 2022-08-04T18:49:47Z logger.go:66:                           + groupMemberAttributePattern  = (known after apply)
TestTerraformKafkaTopicsExample 2022-08-04T18:49:47Z logger.go:66:                           + groupNameAttribute           = (known after apply)
TestTerraformKafkaTopicsExample 2022-08-04T18:49:47Z logger.go:66:                           + groupObjectClass             = (known after apply)
TestTerraformKafkaTopicsExample 2022-08-04T18:49:47Z logger.go:66:                           + groupSearchBase              = (known after apply)
TestTerraformKafkaTopicsExample 2022-08-04T18:49:47Z logger.go:66:                           + groupSearchFilter            = (known after apply)
TestTerraformKafkaTopicsExample 2022-08-04T18:49:47Z logger.go:66:                           + groupSearchScope             = (known after apply)
TestTerraformKafkaTopicsExample 2022-08-04T18:49:47Z logger.go:66:                           + userMemberOfAttributePattern = (known after apply)
TestTerraformKafkaTopicsExample 2022-08-04T18:49:47Z logger.go:66:                           + userNameAttribute            = (known after apply)
TestTerraformKafkaTopicsExample 2022-08-04T18:49:47Z logger.go:66:                           + userObjectClass              = (known after apply)
TestTerraformKafkaTopicsExample 2022-08-04T18:49:47Z logger.go:66:                           + userSearchBase               = (known after apply)
TestTerraformKafkaTopicsExample 2022-08-04T18:49:47Z logger.go:66:                           + userSearchFilter             = (known after apply)
TestTerraformKafkaTopicsExample 2022-08-04T18:49:47Z logger.go:66:                           + userSearchScope              = (known after apply)
TestTerraformKafkaTopicsExample 2022-08-04T18:49:47Z logger.go:66:                         }
TestTerraformKafkaTopicsExample 2022-08-04T18:49:47Z logger.go:66:                       + tls            = {
TestTerraformKafkaTopicsExample 2022-08-04T18:49:47Z logger.go:66:                           + directoryPathInContainer = (known after apply)
TestTerraformKafkaTopicsExample 2022-08-04T18:49:47Z logger.go:66:                           + enabled                  = (known after apply)
TestTerraformKafkaTopicsExample 2022-08-04T18:49:47Z logger.go:66:                           + ignoreTrustStoreConfig   = (known after apply)
TestTerraformKafkaTopicsExample 2022-08-04T18:49:47Z logger.go:66:                           + jksPassword              = {
TestTerraformKafkaTopicsExample 2022-08-04T18:49:47Z logger.go:66:                               + secretRef = (known after apply)
TestTerraformKafkaTopicsExample 2022-08-04T18:49:47Z logger.go:66:                             }
TestTerraformKafkaTopicsExample 2022-08-04T18:49:47Z logger.go:66:                           + secretRef                = (known after apply)
TestTerraformKafkaTopicsExample 2022-08-04T18:49:47Z logger.go:66:                         }
TestTerraformKafkaTopicsExample 2022-08-04T18:49:47Z logger.go:66:                     }
TestTerraformKafkaTopicsExample 2022-08-04T18:49:47Z logger.go:66:                   + type = (known after apply)
TestTerraformKafkaTopicsExample 2022-08-04T18:49:47Z logger.go:66:                 }
TestTerraformKafkaTopicsExample 2022-08-04T18:49:47Z logger.go:66:               + image              = {
TestTerraformKafkaTopicsExample 2022-08-04T18:49:47Z logger.go:66:                   + application   = "confluentinc/cp-server:7.2.0"
TestTerraformKafkaTopicsExample 2022-08-04T18:49:47Z logger.go:66:                   + init          = "confluentinc/confluent-init-container:2.4.0"
TestTerraformKafkaTopicsExample 2022-08-04T18:49:47Z logger.go:66:                   + pullPolicy    = (known after apply)
TestTerraformKafkaTopicsExample 2022-08-04T18:49:47Z logger.go:66:                   + pullSecretRef = (known after apply)
TestTerraformKafkaTopicsExample 2022-08-04T18:49:47Z logger.go:66:                 }
TestTerraformKafkaTopicsExample 2022-08-04T18:49:47Z logger.go:66:               + injectAnnotations  = (known after apply)
TestTerraformKafkaTopicsExample 2022-08-04T18:49:47Z logger.go:66:               + injectLabels       = (known after apply)
TestTerraformKafkaTopicsExample 2022-08-04T18:49:47Z logger.go:66:               + k8sClusterDomain   = (known after apply)
TestTerraformKafkaTopicsExample 2022-08-04T18:49:47Z logger.go:66:               + license            = {
TestTerraformKafkaTopicsExample 2022-08-04T18:49:47Z logger.go:66:                   + directoryPathInContainer = (known after apply)
TestTerraformKafkaTopicsExample 2022-08-04T18:49:47Z logger.go:66:                   + globalLicense            = (known after apply)
TestTerraformKafkaTopicsExample 2022-08-04T18:49:47Z logger.go:66:                   + secretRef                = (known after apply)
TestTerraformKafkaTopicsExample 2022-08-04T18:49:47Z logger.go:66:                 }
TestTerraformKafkaTopicsExample 2022-08-04T18:49:47Z logger.go:66:               + listeners          = {
TestTerraformKafkaTopicsExample 2022-08-04T18:49:47Z logger.go:66:                   + custom   = (known after apply)
TestTerraformKafkaTopicsExample 2022-08-04T18:49:47Z logger.go:66:                   + external = {
TestTerraformKafkaTopicsExample 2022-08-04T18:49:47Z logger.go:66:                       + authentication = {
TestTerraformKafkaTopicsExample 2022-08-04T18:49:47Z logger.go:66:                           + jaasConfig            = {
TestTerraformKafkaTopicsExample 2022-08-04T18:49:47Z logger.go:66:                               + secretRef = (known after apply)
TestTerraformKafkaTopicsExample 2022-08-04T18:49:47Z logger.go:66:                             }
TestTerraformKafkaTopicsExample 2022-08-04T18:49:47Z logger.go:66:                           + jaasConfigPassThrough = {
TestTerraformKafkaTopicsExample 2022-08-04T18:49:47Z logger.go:66:                               + directoryPathInContainer = (known after apply)
TestTerraformKafkaTopicsExample 2022-08-04T18:49:47Z logger.go:66:                               + secretRef                = (known after apply)
TestTerraformKafkaTopicsExample 2022-08-04T18:49:47Z logger.go:66:                             }
TestTerraformKafkaTopicsExample 2022-08-04T18:49:47Z logger.go:66:                           + principalMappingRules = (known after apply)
TestTerraformKafkaTopicsExample 2022-08-04T18:49:47Z logger.go:66:                           + type                  = (known after apply)
TestTerraformKafkaTopicsExample 2022-08-04T18:49:47Z logger.go:66:                         }
TestTerraformKafkaTopicsExample 2022-08-04T18:49:47Z logger.go:66:                       + externalAccess = {
TestTerraformKafkaTopicsExample 2022-08-04T18:49:47Z logger.go:66:                           + loadBalancer              = {
TestTerraformKafkaTopicsExample 2022-08-04T18:49:47Z logger.go:66:                               + advertisedPort           = (known after apply)
TestTerraformKafkaTopicsExample 2022-08-04T18:49:47Z logger.go:66:                               + annotations              = (known after apply)
TestTerraformKafkaTopicsExample 2022-08-04T18:49:47Z logger.go:66:                               + bootstrapPrefix          = (known after apply)
TestTerraformKafkaTopicsExample 2022-08-04T18:49:47Z logger.go:66:                               + brokerPrefix             = (known after apply)
TestTerraformKafkaTopicsExample 2022-08-04T18:49:47Z logger.go:66:                               + domain                   = (known after apply)
TestTerraformKafkaTopicsExample 2022-08-04T18:49:47Z logger.go:66:                               + externalTrafficPolicy    = (known after apply)
TestTerraformKafkaTopicsExample 2022-08-04T18:49:47Z logger.go:66:                               + labels                   = (known after apply)
TestTerraformKafkaTopicsExample 2022-08-04T18:49:47Z logger.go:66:                               + loadBalancerSourceRanges = (known after apply)
TestTerraformKafkaTopicsExample 2022-08-04T18:49:47Z logger.go:66:                               + servicePorts             = (known after apply)
TestTerraformKafkaTopicsExample 2022-08-04T18:49:47Z logger.go:66:                               + sessionAffinity          = (known after apply)
TestTerraformKafkaTopicsExample 2022-08-04T18:49:47Z logger.go:66:                               + sessionAffinityConfig    = {
TestTerraformKafkaTopicsExample 2022-08-04T18:49:47Z logger.go:66:                                   + clientIP = {
TestTerraformKafkaTopicsExample 2022-08-04T18:49:47Z logger.go:66:                                       + timeoutSeconds = (known after apply)
TestTerraformKafkaTopicsExample 2022-08-04T18:49:47Z logger.go:66:                                     }
TestTerraformKafkaTopicsExample 2022-08-04T18:49:47Z logger.go:66:                                 }
TestTerraformKafkaTopicsExample 2022-08-04T18:49:47Z logger.go:66:                             }
TestTerraformKafkaTopicsExample 2022-08-04T18:49:47Z logger.go:66:                           + nodePort                  = {
TestTerraformKafkaTopicsExample 2022-08-04T18:49:47Z logger.go:66:                               + advertisedURL         = {
TestTerraformKafkaTopicsExample 2022-08-04T18:49:47Z logger.go:66:                                   + enabled = (known after apply)
TestTerraformKafkaTopicsExample 2022-08-04T18:49:47Z logger.go:66:                                   + prefix  = (known after apply)
TestTerraformKafkaTopicsExample 2022-08-04T18:49:47Z logger.go:66:                                 }
TestTerraformKafkaTopicsExample 2022-08-04T18:49:47Z logger.go:66:                               + annotations           = (known after apply)
TestTerraformKafkaTopicsExample 2022-08-04T18:49:47Z logger.go:66:                               + externalTrafficPolicy = (known after apply)
TestTerraformKafkaTopicsExample 2022-08-04T18:49:47Z logger.go:66:                               + host                  = (known after apply)
TestTerraformKafkaTopicsExample 2022-08-04T18:49:47Z logger.go:66:                               + labels                = (known after apply)
TestTerraformKafkaTopicsExample 2022-08-04T18:49:47Z logger.go:66:                               + nodePortOffset        = (known after apply)
TestTerraformKafkaTopicsExample 2022-08-04T18:49:47Z logger.go:66:                               + servicePorts          = (known after apply)
TestTerraformKafkaTopicsExample 2022-08-04T18:49:47Z logger.go:66:                               + sessionAffinity       = (known after apply)
TestTerraformKafkaTopicsExample 2022-08-04T18:49:47Z logger.go:66:                               + sessionAffinityConfig = {
TestTerraformKafkaTopicsExample 2022-08-04T18:49:47Z logger.go:66:                                   + clientIP = {
TestTerraformKafkaTopicsExample 2022-08-04T18:49:47Z logger.go:66:                                       + timeoutSeconds = (known after apply)
TestTerraformKafkaTopicsExample 2022-08-04T18:49:47Z logger.go:66:                                     }
TestTerraformKafkaTopicsExample 2022-08-04T18:49:47Z logger.go:66:                                 }
TestTerraformKafkaTopicsExample 2022-08-04T18:49:47Z logger.go:66:                             }
TestTerraformKafkaTopicsExample 2022-08-04T18:49:47Z logger.go:66:                           + route                     = {
TestTerraformKafkaTopicsExample 2022-08-04T18:49:47Z logger.go:66:                               + annotations     = (known after apply)
TestTerraformKafkaTopicsExample 2022-08-04T18:49:47Z logger.go:66:                               + bootstrapPrefix = (known after apply)
TestTerraformKafkaTopicsExample 2022-08-04T18:49:47Z logger.go:66:                               + brokerPrefix    = (known after apply)
TestTerraformKafkaTopicsExample 2022-08-04T18:49:47Z logger.go:66:                               + domain          = (known after apply)
TestTerraformKafkaTopicsExample 2022-08-04T18:49:47Z logger.go:66:                               + labels          = (known after apply)
TestTerraformKafkaTopicsExample 2022-08-04T18:49:47Z logger.go:66:                               + wildcardPolicy  = (known after apply)
TestTerraformKafkaTopicsExample 2022-08-04T18:49:47Z logger.go:66:                             }
TestTerraformKafkaTopicsExample 2022-08-04T18:49:47Z logger.go:66:                           + staticForHostBasedRouting = {
TestTerraformKafkaTopicsExample 2022-08-04T18:49:47Z logger.go:66:                               + brokerPrefix = (known after apply)
TestTerraformKafkaTopicsExample 2022-08-04T18:49:47Z logger.go:66:                               + domain       = (known after apply)
TestTerraformKafkaTopicsExample 2022-08-04T18:49:47Z logger.go:66:                               + port         = (known after apply)
TestTerraformKafkaTopicsExample 2022-08-04T18:49:47Z logger.go:66:                             }
TestTerraformKafkaTopicsExample 2022-08-04T18:49:47Z logger.go:66:                           + staticForPortBasedRouting = {
TestTerraformKafkaTopicsExample 2022-08-04T18:49:47Z logger.go:66:                               + host       = (known after apply)
TestTerraformKafkaTopicsExample 2022-08-04T18:49:47Z logger.go:66:                               + portOffset = (known after apply)
TestTerraformKafkaTopicsExample 2022-08-04T18:49:47Z logger.go:66:                             }
TestTerraformKafkaTopicsExample 2022-08-04T18:49:47Z logger.go:66:                           + type                      = (known after apply)
TestTerraformKafkaTopicsExample 2022-08-04T18:49:47Z logger.go:66:                         }
TestTerraformKafkaTopicsExample 2022-08-04T18:49:47Z logger.go:66:                       + tls            = {
TestTerraformKafkaTopicsExample 2022-08-04T18:49:47Z logger.go:66:                           + directoryPathInContainer = (known after apply)
TestTerraformKafkaTopicsExample 2022-08-04T18:49:47Z logger.go:66:                           + enabled                  = (known after apply)
TestTerraformKafkaTopicsExample 2022-08-04T18:49:47Z logger.go:66:                           + ignoreTrustStoreConfig   = (known after apply)
TestTerraformKafkaTopicsExample 2022-08-04T18:49:47Z logger.go:66:                           + jksPassword              = {
TestTerraformKafkaTopicsExample 2022-08-04T18:49:47Z logger.go:66:                               + secretRef = (known after apply)
TestTerraformKafkaTopicsExample 2022-08-04T18:49:47Z logger.go:66:                             }
TestTerraformKafkaTopicsExample 2022-08-04T18:49:47Z logger.go:66:                           + secretRef                = (known after apply)
TestTerraformKafkaTopicsExample 2022-08-04T18:49:47Z logger.go:66:                         }
TestTerraformKafkaTopicsExample 2022-08-04T18:49:47Z logger.go:66:                     }
TestTerraformKafkaTopicsExample 2022-08-04T18:49:47Z logger.go:66:                   + internal = {
TestTerraformKafkaTopicsExample 2022-08-04T18:49:47Z logger.go:66:                       + authentication = {
TestTerraformKafkaTopicsExample 2022-08-04T18:49:47Z logger.go:66:                           + jaasConfig            = {
TestTerraformKafkaTopicsExample 2022-08-04T18:49:47Z logger.go:66:                               + secretRef = (known after apply)
TestTerraformKafkaTopicsExample 2022-08-04T18:49:47Z logger.go:66:                             }
TestTerraformKafkaTopicsExample 2022-08-04T18:49:47Z logger.go:66:                           + jaasConfigPassThrough = {
TestTerraformKafkaTopicsExample 2022-08-04T18:49:47Z logger.go:66:                               + directoryPathInContainer = (known after apply)
TestTerraformKafkaTopicsExample 2022-08-04T18:49:47Z logger.go:66:                               + secretRef                = (known after apply)
TestTerraformKafkaTopicsExample 2022-08-04T18:49:47Z logger.go:66:                             }
TestTerraformKafkaTopicsExample 2022-08-04T18:49:47Z logger.go:66:                           + principalMappingRules = (known after apply)
TestTerraformKafkaTopicsExample 2022-08-04T18:49:47Z logger.go:66:                           + type                  = (known after apply)
TestTerraformKafkaTopicsExample 2022-08-04T18:49:47Z logger.go:66:                         }
TestTerraformKafkaTopicsExample 2022-08-04T18:49:47Z logger.go:66:                       + tls            = {
TestTerraformKafkaTopicsExample 2022-08-04T18:49:47Z logger.go:66:                           + directoryPathInContainer = (known after apply)
TestTerraformKafkaTopicsExample 2022-08-04T18:49:47Z logger.go:66:                           + enabled                  = (known after apply)
TestTerraformKafkaTopicsExample 2022-08-04T18:49:47Z logger.go:66:                           + ignoreTrustStoreConfig   = (known after apply)
TestTerraformKafkaTopicsExample 2022-08-04T18:49:47Z logger.go:66:                           + jksPassword              = {
TestTerraformKafkaTopicsExample 2022-08-04T18:49:47Z logger.go:66:                               + secretRef = (known after apply)
TestTerraformKafkaTopicsExample 2022-08-04T18:49:47Z logger.go:66:                             }
TestTerraformKafkaTopicsExample 2022-08-04T18:49:47Z logger.go:66:                           + secretRef                = (known after apply)
TestTerraformKafkaTopicsExample 2022-08-04T18:49:47Z logger.go:66:                         }
TestTerraformKafkaTopicsExample 2022-08-04T18:49:47Z logger.go:66:                     }
TestTerraformKafkaTopicsExample 2022-08-04T18:49:47Z logger.go:66:                 }
TestTerraformKafkaTopicsExample 2022-08-04T18:49:47Z logger.go:66:               + metricReporter     = {
TestTerraformKafkaTopicsExample 2022-08-04T18:49:47Z logger.go:66:                   + authentication    = {
TestTerraformKafkaTopicsExample 2022-08-04T18:49:47Z logger.go:66:                       + jaasConfig            = {
TestTerraformKafkaTopicsExample 2022-08-04T18:49:47Z logger.go:66:                           + secretRef = (known after apply)
TestTerraformKafkaTopicsExample 2022-08-04T18:49:47Z logger.go:66:                         }
TestTerraformKafkaTopicsExample 2022-08-04T18:49:47Z logger.go:66:                       + jaasConfigPassThrough = {
TestTerraformKafkaTopicsExample 2022-08-04T18:49:47Z logger.go:66:                           + directoryPathInContainer = (known after apply)
TestTerraformKafkaTopicsExample 2022-08-04T18:49:47Z logger.go:66:                           + secretRef                = (known after apply)
TestTerraformKafkaTopicsExample 2022-08-04T18:49:47Z logger.go:66:                         }
TestTerraformKafkaTopicsExample 2022-08-04T18:49:47Z logger.go:66:                       + oauthbearer           = {
TestTerraformKafkaTopicsExample 2022-08-04T18:49:47Z logger.go:66:                           + directoryPathInContainer = (known after apply)
TestTerraformKafkaTopicsExample 2022-08-04T18:49:47Z logger.go:66:                           + secretRef                = (known after apply)
TestTerraformKafkaTopicsExample 2022-08-04T18:49:47Z logger.go:66:                         }
TestTerraformKafkaTopicsExample 2022-08-04T18:49:47Z logger.go:66:                       + type                  = (known after apply)
TestTerraformKafkaTopicsExample 2022-08-04T18:49:47Z logger.go:66:                     }
TestTerraformKafkaTopicsExample 2022-08-04T18:49:47Z logger.go:66:                   + bootstrapEndpoint = (known after apply)
TestTerraformKafkaTopicsExample 2022-08-04T18:49:47Z logger.go:66:                   + enabled           = true
TestTerraformKafkaTopicsExample 2022-08-04T18:49:47Z logger.go:66:                   + replicationFactor = (known after apply)
TestTerraformKafkaTopicsExample 2022-08-04T18:49:47Z logger.go:66:                   + tls               = {
TestTerraformKafkaTopicsExample 2022-08-04T18:49:47Z logger.go:66:                       + directoryPathInContainer = (known after apply)
TestTerraformKafkaTopicsExample 2022-08-04T18:49:47Z logger.go:66:                       + enabled                  = (known after apply)
TestTerraformKafkaTopicsExample 2022-08-04T18:49:47Z logger.go:66:                       + ignoreTrustStoreConfig   = (known after apply)
TestTerraformKafkaTopicsExample 2022-08-04T18:49:47Z logger.go:66:                       + jksPassword              = {
TestTerraformKafkaTopicsExample 2022-08-04T18:49:47Z logger.go:66:                           + secretRef = (known after apply)
TestTerraformKafkaTopicsExample 2022-08-04T18:49:47Z logger.go:66:                         }
TestTerraformKafkaTopicsExample 2022-08-04T18:49:47Z logger.go:66:                       + secretRef                = (known after apply)
TestTerraformKafkaTopicsExample 2022-08-04T18:49:47Z logger.go:66:                     }
TestTerraformKafkaTopicsExample 2022-08-04T18:49:47Z logger.go:66:                 }
TestTerraformKafkaTopicsExample 2022-08-04T18:49:47Z logger.go:66:               + metrics            = {
TestTerraformKafkaTopicsExample 2022-08-04T18:49:47Z logger.go:66:                   + authentication = {
TestTerraformKafkaTopicsExample 2022-08-04T18:49:47Z logger.go:66:                       + type = (known after apply)
TestTerraformKafkaTopicsExample 2022-08-04T18:49:47Z logger.go:66:                     }
TestTerraformKafkaTopicsExample 2022-08-04T18:49:47Z logger.go:66:                   + prometheus     = {
TestTerraformKafkaTopicsExample 2022-08-04T18:49:47Z logger.go:66:                       + blacklist = (known after apply)
TestTerraformKafkaTopicsExample 2022-08-04T18:49:47Z logger.go:66:                       + rules     = (known after apply)
TestTerraformKafkaTopicsExample 2022-08-04T18:49:47Z logger.go:66:                       + whitelist = (known after apply)
TestTerraformKafkaTopicsExample 2022-08-04T18:49:47Z logger.go:66:                     }
TestTerraformKafkaTopicsExample 2022-08-04T18:49:47Z logger.go:66:                   + tls            = {
TestTerraformKafkaTopicsExample 2022-08-04T18:49:47Z logger.go:66:                       + directoryPathInContainer = (known after apply)
TestTerraformKafkaTopicsExample 2022-08-04T18:49:47Z logger.go:66:                       + enabled                  = (known after apply)
TestTerraformKafkaTopicsExample 2022-08-04T18:49:47Z logger.go:66:                       + ignoreTrustStoreConfig   = (known after apply)
TestTerraformKafkaTopicsExample 2022-08-04T18:49:47Z logger.go:66:                       + jksPassword              = {
TestTerraformKafkaTopicsExample 2022-08-04T18:49:47Z logger.go:66:                           + secretRef = (known after apply)
TestTerraformKafkaTopicsExample 2022-08-04T18:49:47Z logger.go:66:                         }
TestTerraformKafkaTopicsExample 2022-08-04T18:49:47Z logger.go:66:                       + secretRef                = (known after apply)
TestTerraformKafkaTopicsExample 2022-08-04T18:49:47Z logger.go:66:                     }
TestTerraformKafkaTopicsExample 2022-08-04T18:49:47Z logger.go:66:                 }
TestTerraformKafkaTopicsExample 2022-08-04T18:49:47Z logger.go:66:               + mountedSecrets     = (known after apply)
TestTerraformKafkaTopicsExample 2022-08-04T18:49:47Z logger.go:66:               + mountedVolumes     = {
TestTerraformKafkaTopicsExample 2022-08-04T18:49:47Z logger.go:66:                   + volumeMounts = (known after apply)
TestTerraformKafkaTopicsExample 2022-08-04T18:49:47Z logger.go:66:                   + volumes      = (known after apply)
TestTerraformKafkaTopicsExample 2022-08-04T18:49:47Z logger.go:66:                 }
TestTerraformKafkaTopicsExample 2022-08-04T18:49:47Z logger.go:66:               + oneReplicaPerNode  = (known after apply)
TestTerraformKafkaTopicsExample 2022-08-04T18:49:47Z logger.go:66:               + passwordEncoder    = {
TestTerraformKafkaTopicsExample 2022-08-04T18:49:47Z logger.go:66:                   + directoryPathInContainer = (known after apply)
TestTerraformKafkaTopicsExample 2022-08-04T18:49:47Z logger.go:66:                   + secretRef                = (known after apply)
TestTerraformKafkaTopicsExample 2022-08-04T18:49:47Z logger.go:66:                 }
TestTerraformKafkaTopicsExample 2022-08-04T18:49:47Z logger.go:66:               + podTemplate        = {
TestTerraformKafkaTopicsExample 2022-08-04T18:49:47Z logger.go:66:                   + affinity                      = {
TestTerraformKafkaTopicsExample 2022-08-04T18:49:47Z logger.go:66:                       + nodeAffinity    = {
TestTerraformKafkaTopicsExample 2022-08-04T18:49:47Z logger.go:66:                           + preferredDuringSchedulingIgnoredDuringExecution = (known after apply)
TestTerraformKafkaTopicsExample 2022-08-04T18:49:47Z logger.go:66:                           + requiredDuringSchedulingIgnoredDuringExecution  = {
TestTerraformKafkaTopicsExample 2022-08-04T18:49:47Z logger.go:66:                               + nodeSelectorTerms = (known after apply)
TestTerraformKafkaTopicsExample 2022-08-04T18:49:47Z logger.go:66:                             }
TestTerraformKafkaTopicsExample 2022-08-04T18:49:47Z logger.go:66:                         }
TestTerraformKafkaTopicsExample 2022-08-04T18:49:47Z logger.go:66:                       + podAffinity     = {
TestTerraformKafkaTopicsExample 2022-08-04T18:49:47Z logger.go:66:                           + preferredDuringSchedulingIgnoredDuringExecution = (known after apply)
TestTerraformKafkaTopicsExample 2022-08-04T18:49:47Z logger.go:66:                           + requiredDuringSchedulingIgnoredDuringExecution  = (known after apply)
TestTerraformKafkaTopicsExample 2022-08-04T18:49:47Z logger.go:66:                         }
TestTerraformKafkaTopicsExample 2022-08-04T18:49:47Z logger.go:66:                       + podAntiAffinity = {
TestTerraformKafkaTopicsExample 2022-08-04T18:49:47Z logger.go:66:                           + preferredDuringSchedulingIgnoredDuringExecution = (known after apply)
TestTerraformKafkaTopicsExample 2022-08-04T18:49:47Z logger.go:66:                           + requiredDuringSchedulingIgnoredDuringExecution  = (known after apply)
TestTerraformKafkaTopicsExample 2022-08-04T18:49:47Z logger.go:66:                         }
TestTerraformKafkaTopicsExample 2022-08-04T18:49:47Z logger.go:66:                     }
TestTerraformKafkaTopicsExample 2022-08-04T18:49:47Z logger.go:66:                   + annotations                   = (known after apply)
TestTerraformKafkaTopicsExample 2022-08-04T18:49:47Z logger.go:66:                   + envVars                       = (known after apply)
TestTerraformKafkaTopicsExample 2022-08-04T18:49:47Z logger.go:66:                   + labels                        = (known after apply)
TestTerraformKafkaTopicsExample 2022-08-04T18:49:47Z logger.go:66:                   + podSecurityContext            = {
TestTerraformKafkaTopicsExample 2022-08-04T18:49:47Z logger.go:66:                       + fsGroup             = (known after apply)
TestTerraformKafkaTopicsExample 2022-08-04T18:49:47Z logger.go:66:                       + fsGroupChangePolicy = (known after apply)
TestTerraformKafkaTopicsExample 2022-08-04T18:49:47Z logger.go:66:                       + runAsGroup          = (known after apply)
TestTerraformKafkaTopicsExample 2022-08-04T18:49:47Z logger.go:66:                       + runAsNonRoot        = (known after apply)
TestTerraformKafkaTopicsExample 2022-08-04T18:49:47Z logger.go:66:                       + runAsUser           = (known after apply)
TestTerraformKafkaTopicsExample 2022-08-04T18:49:47Z logger.go:66:                       + seLinuxOptions      = {
TestTerraformKafkaTopicsExample 2022-08-04T18:49:47Z logger.go:66:                           + level = (known after apply)
TestTerraformKafkaTopicsExample 2022-08-04T18:49:47Z logger.go:66:                           + role  = (known after apply)
TestTerraformKafkaTopicsExample 2022-08-04T18:49:47Z logger.go:66:                           + type  = (known after apply)
TestTerraformKafkaTopicsExample 2022-08-04T18:49:47Z logger.go:66:                           + user  = (known after apply)
TestTerraformKafkaTopicsExample 2022-08-04T18:49:47Z logger.go:66:                         }
TestTerraformKafkaTopicsExample 2022-08-04T18:49:47Z logger.go:66:                       + seccompProfile      = {
TestTerraformKafkaTopicsExample 2022-08-04T18:49:47Z logger.go:66:                           + localhostProfile = (known after apply)
TestTerraformKafkaTopicsExample 2022-08-04T18:49:47Z logger.go:66:                           + type             = (known after apply)
TestTerraformKafkaTopicsExample 2022-08-04T18:49:47Z logger.go:66:                         }
TestTerraformKafkaTopicsExample 2022-08-04T18:49:47Z logger.go:66:                       + supplementalGroups  = (known after apply)
TestTerraformKafkaTopicsExample 2022-08-04T18:49:47Z logger.go:66:                       + sysctls             = (known after apply)
TestTerraformKafkaTopicsExample 2022-08-04T18:49:47Z logger.go:66:                       + windowsOptions      = {
TestTerraformKafkaTopicsExample 2022-08-04T18:49:47Z logger.go:66:                           + gmsaCredentialSpec     = (known after apply)
TestTerraformKafkaTopicsExample 2022-08-04T18:49:47Z logger.go:66:                           + gmsaCredentialSpecName = (known after apply)
TestTerraformKafkaTopicsExample 2022-08-04T18:49:47Z logger.go:66:                           + hostProcess            = (known after apply)
TestTerraformKafkaTopicsExample 2022-08-04T18:49:47Z logger.go:66:                           + runAsUserName          = (known after apply)
TestTerraformKafkaTopicsExample 2022-08-04T18:49:47Z logger.go:66:                         }
TestTerraformKafkaTopicsExample 2022-08-04T18:49:47Z logger.go:66:                     }
TestTerraformKafkaTopicsExample 2022-08-04T18:49:47Z logger.go:66:                   + priorityClassName             = (known after apply)
TestTerraformKafkaTopicsExample 2022-08-04T18:49:47Z logger.go:66:                   + probe                         = {
TestTerraformKafkaTopicsExample 2022-08-04T18:49:47Z logger.go:66:                       + liveness  = {
TestTerraformKafkaTopicsExample 2022-08-04T18:49:47Z logger.go:66:                           + failureThreshold    = (known after apply)
TestTerraformKafkaTopicsExample 2022-08-04T18:49:47Z logger.go:66:                           + initialDelaySeconds = (known after apply)
TestTerraformKafkaTopicsExample 2022-08-04T18:49:47Z logger.go:66:                           + periodSeconds       = (known after apply)
TestTerraformKafkaTopicsExample 2022-08-04T18:49:47Z logger.go:66:                           + successThreshold    = (known after apply)
TestTerraformKafkaTopicsExample 2022-08-04T18:49:47Z logger.go:66:                           + timeoutSeconds      = (known after apply)
TestTerraformKafkaTopicsExample 2022-08-04T18:49:47Z logger.go:66:                         }
TestTerraformKafkaTopicsExample 2022-08-04T18:49:47Z logger.go:66:                       + readiness = {
TestTerraformKafkaTopicsExample 2022-08-04T18:49:47Z logger.go:66:                           + failureThreshold    = (known after apply)
TestTerraformKafkaTopicsExample 2022-08-04T18:49:47Z logger.go:66:                           + initialDelaySeconds = (known after apply)
TestTerraformKafkaTopicsExample 2022-08-04T18:49:47Z logger.go:66:                           + periodSeconds       = (known after apply)
TestTerraformKafkaTopicsExample 2022-08-04T18:49:47Z logger.go:66:                           + successThreshold    = (known after apply)
TestTerraformKafkaTopicsExample 2022-08-04T18:49:47Z logger.go:66:                           + timeoutSeconds      = (known after apply)
TestTerraformKafkaTopicsExample 2022-08-04T18:49:47Z logger.go:66:                         }
TestTerraformKafkaTopicsExample 2022-08-04T18:49:47Z logger.go:66:                     }
TestTerraformKafkaTopicsExample 2022-08-04T18:49:47Z logger.go:66:                   + resources                     = {
TestTerraformKafkaTopicsExample 2022-08-04T18:49:47Z logger.go:66:                       + limits   = (known after apply)
TestTerraformKafkaTopicsExample 2022-08-04T18:49:47Z logger.go:66:                       + requests = (known after apply)
TestTerraformKafkaTopicsExample 2022-08-04T18:49:47Z logger.go:66:                     }
TestTerraformKafkaTopicsExample 2022-08-04T18:49:47Z logger.go:66:                   + securityContext               = {
TestTerraformKafkaTopicsExample 2022-08-04T18:49:47Z logger.go:66:                       + allowPrivilegeEscalation = (known after apply)
TestTerraformKafkaTopicsExample 2022-08-04T18:49:47Z logger.go:66:                       + capabilities             = {
TestTerraformKafkaTopicsExample 2022-08-04T18:49:47Z logger.go:66:                           + add  = (known after apply)
TestTerraformKafkaTopicsExample 2022-08-04T18:49:47Z logger.go:66:                           + drop = (known after apply)
TestTerraformKafkaTopicsExample 2022-08-04T18:49:47Z logger.go:66:                         }
TestTerraformKafkaTopicsExample 2022-08-04T18:49:47Z logger.go:66:                       + privileged               = (known after apply)
TestTerraformKafkaTopicsExample 2022-08-04T18:49:47Z logger.go:66:                       + procMount                = (known after apply)
TestTerraformKafkaTopicsExample 2022-08-04T18:49:47Z logger.go:66:                       + readOnlyRootFilesystem   = (known after apply)
TestTerraformKafkaTopicsExample 2022-08-04T18:49:47Z logger.go:66:                       + runAsGroup               = (known after apply)
TestTerraformKafkaTopicsExample 2022-08-04T18:49:47Z logger.go:66:                       + runAsNonRoot             = (known after apply)
TestTerraformKafkaTopicsExample 2022-08-04T18:49:47Z logger.go:66:                       + runAsUser                = (known after apply)
TestTerraformKafkaTopicsExample 2022-08-04T18:49:47Z logger.go:66:                       + seLinuxOptions           = {
TestTerraformKafkaTopicsExample 2022-08-04T18:49:47Z logger.go:66:                           + level = (known after apply)
TestTerraformKafkaTopicsExample 2022-08-04T18:49:47Z logger.go:66:                           + role  = (known after apply)
TestTerraformKafkaTopicsExample 2022-08-04T18:49:47Z logger.go:66:                           + type  = (known after apply)
TestTerraformKafkaTopicsExample 2022-08-04T18:49:47Z logger.go:66:                           + user  = (known after apply)
TestTerraformKafkaTopicsExample 2022-08-04T18:49:47Z logger.go:66:                         }
TestTerraformKafkaTopicsExample 2022-08-04T18:49:47Z logger.go:66:                       + seccompProfile           = {
TestTerraformKafkaTopicsExample 2022-08-04T18:49:47Z logger.go:66:                           + localhostProfile = (known after apply)
TestTerraformKafkaTopicsExample 2022-08-04T18:49:47Z logger.go:66:                           + type             = (known after apply)
TestTerraformKafkaTopicsExample 2022-08-04T18:49:47Z logger.go:66:                         }
TestTerraformKafkaTopicsExample 2022-08-04T18:49:47Z logger.go:66:                       + windowsOptions           = {
TestTerraformKafkaTopicsExample 2022-08-04T18:49:47Z logger.go:66:                           + gmsaCredentialSpec     = (known after apply)
TestTerraformKafkaTopicsExample 2022-08-04T18:49:47Z logger.go:66:                           + gmsaCredentialSpecName = (known after apply)
TestTerraformKafkaTopicsExample 2022-08-04T18:49:47Z logger.go:66:                           + hostProcess            = (known after apply)
TestTerraformKafkaTopicsExample 2022-08-04T18:49:47Z logger.go:66:                           + runAsUserName          = (known after apply)
TestTerraformKafkaTopicsExample 2022-08-04T18:49:47Z logger.go:66:                         }
TestTerraformKafkaTopicsExample 2022-08-04T18:49:47Z logger.go:66:                     }
TestTerraformKafkaTopicsExample 2022-08-04T18:49:47Z logger.go:66:                   + serviceAccountName            = (known after apply)
TestTerraformKafkaTopicsExample 2022-08-04T18:49:47Z logger.go:66:                   + terminationGracePeriodSeconds = (known after apply)
TestTerraformKafkaTopicsExample 2022-08-04T18:49:47Z logger.go:66:                   + tolerations                   = (known after apply)
TestTerraformKafkaTopicsExample 2022-08-04T18:49:47Z logger.go:66:                   + topologySpreadConstraints     = (known after apply)
TestTerraformKafkaTopicsExample 2022-08-04T18:49:47Z logger.go:66:                 }
TestTerraformKafkaTopicsExample 2022-08-04T18:49:47Z logger.go:66:               + rackAssignment     = {
TestTerraformKafkaTopicsExample 2022-08-04T18:49:47Z logger.go:66:                   + availabilityZoneCount = (known after apply)
TestTerraformKafkaTopicsExample 2022-08-04T18:49:47Z logger.go:66:                   + nodeLabels            = (known after apply)
TestTerraformKafkaTopicsExample 2022-08-04T18:49:47Z logger.go:66:                 }
TestTerraformKafkaTopicsExample 2022-08-04T18:49:47Z logger.go:66:               + replicas           = 3
TestTerraformKafkaTopicsExample 2022-08-04T18:49:47Z logger.go:66:               + services           = {
TestTerraformKafkaTopicsExample 2022-08-04T18:49:47Z logger.go:66:                   + kafkaRest = {
TestTerraformKafkaTopicsExample 2022-08-04T18:49:47Z logger.go:66:                       + authentication = {
TestTerraformKafkaTopicsExample 2022-08-04T18:49:47Z logger.go:66:                           + basic = {
TestTerraformKafkaTopicsExample 2022-08-04T18:49:47Z logger.go:66:                               + debug                    = (known after apply)
TestTerraformKafkaTopicsExample 2022-08-04T18:49:47Z logger.go:66:                               + directoryPathInContainer = (known after apply)
TestTerraformKafkaTopicsExample 2022-08-04T18:49:47Z logger.go:66:                               + restrictedRoles          = (known after apply)
TestTerraformKafkaTopicsExample 2022-08-04T18:49:47Z logger.go:66:                               + roles                    = (known after apply)
TestTerraformKafkaTopicsExample 2022-08-04T18:49:47Z logger.go:66:                               + secretRef                = (known after apply)
TestTerraformKafkaTopicsExample 2022-08-04T18:49:47Z logger.go:66:                             }
TestTerraformKafkaTopicsExample 2022-08-04T18:49:47Z logger.go:66:                           + type  = (known after apply)
TestTerraformKafkaTopicsExample 2022-08-04T18:49:47Z logger.go:66:                         }
TestTerraformKafkaTopicsExample 2022-08-04T18:49:47Z logger.go:66:                       + externalAccess = {
TestTerraformKafkaTopicsExample 2022-08-04T18:49:47Z logger.go:66:                           + loadBalancer = {
TestTerraformKafkaTopicsExample 2022-08-04T18:49:47Z logger.go:66:                               + advertisedURL            = {
TestTerraformKafkaTopicsExample 2022-08-04T18:49:47Z logger.go:66:                                   + enabled = (known after apply)
TestTerraformKafkaTopicsExample 2022-08-04T18:49:47Z logger.go:66:                                   + prefix  = (known after apply)
TestTerraformKafkaTopicsExample 2022-08-04T18:49:47Z logger.go:66:                                 }
TestTerraformKafkaTopicsExample 2022-08-04T18:49:47Z logger.go:66:                               + annotations              = (known after apply)
TestTerraformKafkaTopicsExample 2022-08-04T18:49:47Z logger.go:66:                               + domain                   = (known after apply)
TestTerraformKafkaTopicsExample 2022-08-04T18:49:47Z logger.go:66:                               + externalTrafficPolicy    = (known after apply)
TestTerraformKafkaTopicsExample 2022-08-04T18:49:47Z logger.go:66:                               + labels                   = (known after apply)
TestTerraformKafkaTopicsExample 2022-08-04T18:49:47Z logger.go:66:                               + loadBalancerSourceRanges = (known after apply)
TestTerraformKafkaTopicsExample 2022-08-04T18:49:47Z logger.go:66:                               + port                     = (known after apply)
TestTerraformKafkaTopicsExample 2022-08-04T18:49:47Z logger.go:66:                               + prefix                   = (known after apply)
TestTerraformKafkaTopicsExample 2022-08-04T18:49:47Z logger.go:66:                               + servicePorts             = (known after apply)
TestTerraformKafkaTopicsExample 2022-08-04T18:49:47Z logger.go:66:                               + sessionAffinity          = (known after apply)
TestTerraformKafkaTopicsExample 2022-08-04T18:49:47Z logger.go:66:                               + sessionAffinityConfig    = {
TestTerraformKafkaTopicsExample 2022-08-04T18:49:47Z logger.go:66:                                   + clientIP = {
TestTerraformKafkaTopicsExample 2022-08-04T18:49:47Z logger.go:66:                                       + timeoutSeconds = (known after apply)
TestTerraformKafkaTopicsExample 2022-08-04T18:49:47Z logger.go:66:                                     }
TestTerraformKafkaTopicsExample 2022-08-04T18:49:47Z logger.go:66:                                 }
TestTerraformKafkaTopicsExample 2022-08-04T18:49:47Z logger.go:66:                             }
TestTerraformKafkaTopicsExample 2022-08-04T18:49:47Z logger.go:66:                           + nodePort     = {
TestTerraformKafkaTopicsExample 2022-08-04T18:49:47Z logger.go:66:                               + advertisedURL         = {
TestTerraformKafkaTopicsExample 2022-08-04T18:49:47Z logger.go:66:                                   + enabled = (known after apply)
TestTerraformKafkaTopicsExample 2022-08-04T18:49:47Z logger.go:66:                                   + prefix  = (known after apply)
TestTerraformKafkaTopicsExample 2022-08-04T18:49:47Z logger.go:66:                                 }
TestTerraformKafkaTopicsExample 2022-08-04T18:49:47Z logger.go:66:                               + annotations           = (known after apply)
TestTerraformKafkaTopicsExample 2022-08-04T18:49:47Z logger.go:66:                               + externalTrafficPolicy = (known after apply)
TestTerraformKafkaTopicsExample 2022-08-04T18:49:47Z logger.go:66:                               + host                  = (known after apply)
TestTerraformKafkaTopicsExample 2022-08-04T18:49:47Z logger.go:66:                               + labels                = (known after apply)
TestTerraformKafkaTopicsExample 2022-08-04T18:49:47Z logger.go:66:                               + nodePortOffset        = (known after apply)
TestTerraformKafkaTopicsExample 2022-08-04T18:49:47Z logger.go:66:                               + servicePorts          = (known after apply)
TestTerraformKafkaTopicsExample 2022-08-04T18:49:47Z logger.go:66:                               + sessionAffinity       = (known after apply)
TestTerraformKafkaTopicsExample 2022-08-04T18:49:47Z logger.go:66:                               + sessionAffinityConfig = {
TestTerraformKafkaTopicsExample 2022-08-04T18:49:47Z logger.go:66:                                   + clientIP = {
TestTerraformKafkaTopicsExample 2022-08-04T18:49:47Z logger.go:66:                                       + timeoutSeconds = (known after apply)
TestTerraformKafkaTopicsExample 2022-08-04T18:49:47Z logger.go:66:                                     }
TestTerraformKafkaTopicsExample 2022-08-04T18:49:47Z logger.go:66:                                 }
TestTerraformKafkaTopicsExample 2022-08-04T18:49:47Z logger.go:66:                             }
TestTerraformKafkaTopicsExample 2022-08-04T18:49:47Z logger.go:66:                           + route        = {
TestTerraformKafkaTopicsExample 2022-08-04T18:49:47Z logger.go:66:                               + annotations    = (known after apply)
TestTerraformKafkaTopicsExample 2022-08-04T18:49:47Z logger.go:66:                               + domain         = (known after apply)
TestTerraformKafkaTopicsExample 2022-08-04T18:49:47Z logger.go:66:                               + labels         = (known after apply)
TestTerraformKafkaTopicsExample 2022-08-04T18:49:47Z logger.go:66:                               + prefix         = (known after apply)
TestTerraformKafkaTopicsExample 2022-08-04T18:49:47Z logger.go:66:                               + wildcardPolicy = (known after apply)
TestTerraformKafkaTopicsExample 2022-08-04T18:49:47Z logger.go:66:                             }
TestTerraformKafkaTopicsExample 2022-08-04T18:49:47Z logger.go:66:                           + type         = (known after apply)
TestTerraformKafkaTopicsExample 2022-08-04T18:49:47Z logger.go:66:                         }
TestTerraformKafkaTopicsExample 2022-08-04T18:49:47Z logger.go:66:                       + tls            = {
TestTerraformKafkaTopicsExample 2022-08-04T18:49:47Z logger.go:66:                           + directoryPathInContainer = (known after apply)
TestTerraformKafkaTopicsExample 2022-08-04T18:49:47Z logger.go:66:                           + enabled                  = (known after apply)
TestTerraformKafkaTopicsExample 2022-08-04T18:49:47Z logger.go:66:                           + ignoreTrustStoreConfig   = (known after apply)
TestTerraformKafkaTopicsExample 2022-08-04T18:49:47Z logger.go:66:                           + jksPassword              = {
TestTerraformKafkaTopicsExample 2022-08-04T18:49:47Z logger.go:66:                               + secretRef = (known after apply)
TestTerraformKafkaTopicsExample 2022-08-04T18:49:47Z logger.go:66:                             }
TestTerraformKafkaTopicsExample 2022-08-04T18:49:47Z logger.go:66:                           + secretRef                = (known after apply)
TestTerraformKafkaTopicsExample 2022-08-04T18:49:47Z logger.go:66:                         }
TestTerraformKafkaTopicsExample 2022-08-04T18:49:47Z logger.go:66:                     }
TestTerraformKafkaTopicsExample 2022-08-04T18:49:47Z logger.go:66:                   + mds       = {
TestTerraformKafkaTopicsExample 2022-08-04T18:49:47Z logger.go:66:                       + authentication = {
TestTerraformKafkaTopicsExample 2022-08-04T18:49:47Z logger.go:66:                           + type = (known after apply)
TestTerraformKafkaTopicsExample 2022-08-04T18:49:47Z logger.go:66:                         }
TestTerraformKafkaTopicsExample 2022-08-04T18:49:47Z logger.go:66:                       + externalAccess = {
TestTerraformKafkaTopicsExample 2022-08-04T18:49:47Z logger.go:66:                           + loadBalancer = {
TestTerraformKafkaTopicsExample 2022-08-04T18:49:47Z logger.go:66:                               + advertisedURL            = {
TestTerraformKafkaTopicsExample 2022-08-04T18:49:47Z logger.go:66:                                   + enabled = (known after apply)
TestTerraformKafkaTopicsExample 2022-08-04T18:49:47Z logger.go:66:                                   + prefix  = (known after apply)
TestTerraformKafkaTopicsExample 2022-08-04T18:49:47Z logger.go:66:                                 }
TestTerraformKafkaTopicsExample 2022-08-04T18:49:47Z logger.go:66:                               + annotations              = (known after apply)
TestTerraformKafkaTopicsExample 2022-08-04T18:49:47Z logger.go:66:                               + domain                   = (known after apply)
TestTerraformKafkaTopicsExample 2022-08-04T18:49:47Z logger.go:66:                               + externalTrafficPolicy    = (known after apply)
TestTerraformKafkaTopicsExample 2022-08-04T18:49:47Z logger.go:66:                               + labels                   = (known after apply)
TestTerraformKafkaTopicsExample 2022-08-04T18:49:47Z logger.go:66:                               + loadBalancerSourceRanges = (known after apply)
TestTerraformKafkaTopicsExample 2022-08-04T18:49:47Z logger.go:66:                               + port                     = (known after apply)
TestTerraformKafkaTopicsExample 2022-08-04T18:49:47Z logger.go:66:                               + prefix                   = (known after apply)
TestTerraformKafkaTopicsExample 2022-08-04T18:49:47Z logger.go:66:                               + servicePorts             = (known after apply)
TestTerraformKafkaTopicsExample 2022-08-04T18:49:47Z logger.go:66:                               + sessionAffinity          = (known after apply)
TestTerraformKafkaTopicsExample 2022-08-04T18:49:47Z logger.go:66:                               + sessionAffinityConfig    = {
TestTerraformKafkaTopicsExample 2022-08-04T18:49:47Z logger.go:66:                                   + clientIP = {
TestTerraformKafkaTopicsExample 2022-08-04T18:49:47Z logger.go:66:                                       + timeoutSeconds = (known after apply)
TestTerraformKafkaTopicsExample 2022-08-04T18:49:47Z logger.go:66:                                     }
TestTerraformKafkaTopicsExample 2022-08-04T18:49:47Z logger.go:66:                                 }
TestTerraformKafkaTopicsExample 2022-08-04T18:49:47Z logger.go:66:                             }
TestTerraformKafkaTopicsExample 2022-08-04T18:49:47Z logger.go:66:                           + nodePort     = {
TestTerraformKafkaTopicsExample 2022-08-04T18:49:47Z logger.go:66:                               + advertisedURL         = {
TestTerraformKafkaTopicsExample 2022-08-04T18:49:47Z logger.go:66:                                   + enabled = (known after apply)
TestTerraformKafkaTopicsExample 2022-08-04T18:49:47Z logger.go:66:                                   + prefix  = (known after apply)
TestTerraformKafkaTopicsExample 2022-08-04T18:49:47Z logger.go:66:                                 }
TestTerraformKafkaTopicsExample 2022-08-04T18:49:47Z logger.go:66:                               + annotations           = (known after apply)
TestTerraformKafkaTopicsExample 2022-08-04T18:49:47Z logger.go:66:                               + externalTrafficPolicy = (known after apply)
TestTerraformKafkaTopicsExample 2022-08-04T18:49:47Z logger.go:66:                               + host                  = (known after apply)
TestTerraformKafkaTopicsExample 2022-08-04T18:49:47Z logger.go:66:                               + labels                = (known after apply)
TestTerraformKafkaTopicsExample 2022-08-04T18:49:47Z logger.go:66:                               + nodePortOffset        = (known after apply)
TestTerraformKafkaTopicsExample 2022-08-04T18:49:47Z logger.go:66:                               + servicePorts          = (known after apply)
TestTerraformKafkaTopicsExample 2022-08-04T18:49:47Z logger.go:66:                               + sessionAffinity       = (known after apply)
TestTerraformKafkaTopicsExample 2022-08-04T18:49:47Z logger.go:66:                               + sessionAffinityConfig = {
TestTerraformKafkaTopicsExample 2022-08-04T18:49:47Z logger.go:66:                                   + clientIP = {
TestTerraformKafkaTopicsExample 2022-08-04T18:49:47Z logger.go:66:                                       + timeoutSeconds = (known after apply)
TestTerraformKafkaTopicsExample 2022-08-04T18:49:47Z logger.go:66:                                     }
TestTerraformKafkaTopicsExample 2022-08-04T18:49:47Z logger.go:66:                                 }
TestTerraformKafkaTopicsExample 2022-08-04T18:49:47Z logger.go:66:                             }
TestTerraformKafkaTopicsExample 2022-08-04T18:49:47Z logger.go:66:                           + route        = {
TestTerraformKafkaTopicsExample 2022-08-04T18:49:47Z logger.go:66:                               + annotations    = (known after apply)
TestTerraformKafkaTopicsExample 2022-08-04T18:49:47Z logger.go:66:                               + domain         = (known after apply)
TestTerraformKafkaTopicsExample 2022-08-04T18:49:47Z logger.go:66:                               + labels         = (known after apply)
TestTerraformKafkaTopicsExample 2022-08-04T18:49:47Z logger.go:66:                               + prefix         = (known after apply)
TestTerraformKafkaTopicsExample 2022-08-04T18:49:47Z logger.go:66:                               + wildcardPolicy = (known after apply)
TestTerraformKafkaTopicsExample 2022-08-04T18:49:47Z logger.go:66:                             }
TestTerraformKafkaTopicsExample 2022-08-04T18:49:47Z logger.go:66:                           + type         = (known after apply)
TestTerraformKafkaTopicsExample 2022-08-04T18:49:47Z logger.go:66:                         }
TestTerraformKafkaTopicsExample 2022-08-04T18:49:47Z logger.go:66:                       + provider       = {
TestTerraformKafkaTopicsExample 2022-08-04T18:49:47Z logger.go:66:                           + ldap = {
TestTerraformKafkaTopicsExample 2022-08-04T18:49:47Z logger.go:66:                               + address        = (known after apply)
TestTerraformKafkaTopicsExample 2022-08-04T18:49:47Z logger.go:66:                               + authentication = {
TestTerraformKafkaTopicsExample 2022-08-04T18:49:47Z logger.go:66:                                   + simple = {
TestTerraformKafkaTopicsExample 2022-08-04T18:49:47Z logger.go:66:                                       + directoryPathInContainer = (known after apply)
TestTerraformKafkaTopicsExample 2022-08-04T18:49:47Z logger.go:66:                                       + secretRef                = (known after apply)
TestTerraformKafkaTopicsExample 2022-08-04T18:49:47Z logger.go:66:                                     }
TestTerraformKafkaTopicsExample 2022-08-04T18:49:47Z logger.go:66:                                   + type   = (known after apply)
TestTerraformKafkaTopicsExample 2022-08-04T18:49:47Z logger.go:66:                                 }
TestTerraformKafkaTopicsExample 2022-08-04T18:49:47Z logger.go:66:                               + configurations = {
TestTerraformKafkaTopicsExample 2022-08-04T18:49:47Z logger.go:66:                                   + groupMemberAttribute         = (known after apply)
TestTerraformKafkaTopicsExample 2022-08-04T18:49:47Z logger.go:66:                                   + groupMemberAttributePattern  = (known after apply)
TestTerraformKafkaTopicsExample 2022-08-04T18:49:47Z logger.go:66:                                   + groupNameAttribute           = (known after apply)
TestTerraformKafkaTopicsExample 2022-08-04T18:49:47Z logger.go:66:                                   + groupObjectClass             = (known after apply)
TestTerraformKafkaTopicsExample 2022-08-04T18:49:47Z logger.go:66:                                   + groupSearchBase              = (known after apply)
TestTerraformKafkaTopicsExample 2022-08-04T18:49:47Z logger.go:66:                                   + groupSearchFilter            = (known after apply)
TestTerraformKafkaTopicsExample 2022-08-04T18:49:47Z logger.go:66:                                   + groupSearchScope             = (known after apply)
TestTerraformKafkaTopicsExample 2022-08-04T18:49:47Z logger.go:66:                                   + userMemberOfAttributePattern = (known after apply)
TestTerraformKafkaTopicsExample 2022-08-04T18:49:47Z logger.go:66:                                   + userNameAttribute            = (known after apply)
TestTerraformKafkaTopicsExample 2022-08-04T18:49:47Z logger.go:66:                                   + userObjectClass              = (known after apply)
TestTerraformKafkaTopicsExample 2022-08-04T18:49:47Z logger.go:66:                                   + userSearchBase               = (known after apply)
TestTerraformKafkaTopicsExample 2022-08-04T18:49:47Z logger.go:66:                                   + userSearchFilter             = (known after apply)
TestTerraformKafkaTopicsExample 2022-08-04T18:49:47Z logger.go:66:                                   + userSearchScope              = (known after apply)
TestTerraformKafkaTopicsExample 2022-08-04T18:49:47Z logger.go:66:                                 }
TestTerraformKafkaTopicsExample 2022-08-04T18:49:47Z logger.go:66:                               + tls            = {
TestTerraformKafkaTopicsExample 2022-08-04T18:49:47Z logger.go:66:                                   + directoryPathInContainer = (known after apply)
TestTerraformKafkaTopicsExample 2022-08-04T18:49:47Z logger.go:66:                                   + enabled                  = (known after apply)
TestTerraformKafkaTopicsExample 2022-08-04T18:49:47Z logger.go:66:                                   + ignoreTrustStoreConfig   = (known after apply)
TestTerraformKafkaTopicsExample 2022-08-04T18:49:47Z logger.go:66:                                   + jksPassword              = {
TestTerraformKafkaTopicsExample 2022-08-04T18:49:47Z logger.go:66:                                       + secretRef = (known after apply)
TestTerraformKafkaTopicsExample 2022-08-04T18:49:47Z logger.go:66:                                     }
TestTerraformKafkaTopicsExample 2022-08-04T18:49:47Z logger.go:66:                                   + secretRef                = (known after apply)
TestTerraformKafkaTopicsExample 2022-08-04T18:49:47Z logger.go:66:                                 }
TestTerraformKafkaTopicsExample 2022-08-04T18:49:47Z logger.go:66:                             }
TestTerraformKafkaTopicsExample 2022-08-04T18:49:47Z logger.go:66:                           + type = (known after apply)
TestTerraformKafkaTopicsExample 2022-08-04T18:49:47Z logger.go:66:                         }
TestTerraformKafkaTopicsExample 2022-08-04T18:49:47Z logger.go:66:                       + tls            = {
TestTerraformKafkaTopicsExample 2022-08-04T18:49:47Z logger.go:66:                           + directoryPathInContainer = (known after apply)
TestTerraformKafkaTopicsExample 2022-08-04T18:49:47Z logger.go:66:                           + enabled                  = (known after apply)
TestTerraformKafkaTopicsExample 2022-08-04T18:49:47Z logger.go:66:                           + ignoreTrustStoreConfig   = (known after apply)
TestTerraformKafkaTopicsExample 2022-08-04T18:49:47Z logger.go:66:                           + jksPassword              = {
TestTerraformKafkaTopicsExample 2022-08-04T18:49:47Z logger.go:66:                               + secretRef = (known after apply)
TestTerraformKafkaTopicsExample 2022-08-04T18:49:47Z logger.go:66:                             }
TestTerraformKafkaTopicsExample 2022-08-04T18:49:47Z logger.go:66:                           + secretRef                = (known after apply)
TestTerraformKafkaTopicsExample 2022-08-04T18:49:47Z logger.go:66:                         }
TestTerraformKafkaTopicsExample 2022-08-04T18:49:47Z logger.go:66:                       + tokenKeyPair   = {
TestTerraformKafkaTopicsExample 2022-08-04T18:49:47Z logger.go:66:                           + directoryPathInContainer = (known after apply)
TestTerraformKafkaTopicsExample 2022-08-04T18:49:47Z logger.go:66:                           + secretRef                = (known after apply)
TestTerraformKafkaTopicsExample 2022-08-04T18:49:47Z logger.go:66:                         }
TestTerraformKafkaTopicsExample 2022-08-04T18:49:47Z logger.go:66:                     }
TestTerraformKafkaTopicsExample 2022-08-04T18:49:47Z logger.go:66:                 }
TestTerraformKafkaTopicsExample 2022-08-04T18:49:47Z logger.go:66:               + storageClass       = {
TestTerraformKafkaTopicsExample 2022-08-04T18:49:47Z logger.go:66:                   + name = (known after apply)
TestTerraformKafkaTopicsExample 2022-08-04T18:49:47Z logger.go:66:                 }
TestTerraformKafkaTopicsExample 2022-08-04T18:49:47Z logger.go:66:               + telemetry          = {
TestTerraformKafkaTopicsExample 2022-08-04T18:49:47Z logger.go:66:                   + global = (known after apply)
TestTerraformKafkaTopicsExample 2022-08-04T18:49:47Z logger.go:66:                 }
TestTerraformKafkaTopicsExample 2022-08-04T18:49:47Z logger.go:66:               + tls                = {
TestTerraformKafkaTopicsExample 2022-08-04T18:49:47Z logger.go:66:                   + autoGeneratedCerts       = (known after apply)
TestTerraformKafkaTopicsExample 2022-08-04T18:49:47Z logger.go:66:                   + directoryPathInContainer = (known after apply)
TestTerraformKafkaTopicsExample 2022-08-04T18:49:47Z logger.go:66:                   + ignoreTrustStoreConfig   = (known after apply)
TestTerraformKafkaTopicsExample 2022-08-04T18:49:47Z logger.go:66:                   + jksPassword              = {
TestTerraformKafkaTopicsExample 2022-08-04T18:49:47Z logger.go:66:                       + secretRef = (known after apply)
TestTerraformKafkaTopicsExample 2022-08-04T18:49:47Z logger.go:66:                     }
TestTerraformKafkaTopicsExample 2022-08-04T18:49:47Z logger.go:66:                   + secretRef                = (known after apply)
TestTerraformKafkaTopicsExample 2022-08-04T18:49:47Z logger.go:66:                 }
TestTerraformKafkaTopicsExample 2022-08-04T18:49:47Z logger.go:66:             }
TestTerraformKafkaTopicsExample 2022-08-04T18:49:47Z logger.go:66:         }
TestTerraformKafkaTopicsExample 2022-08-04T18:49:47Z logger.go:66:
TestTerraformKafkaTopicsExample 2022-08-04T18:49:47Z logger.go:66:       + timeouts {
TestTerraformKafkaTopicsExample 2022-08-04T18:49:47Z logger.go:66:           + create = "1h"
TestTerraformKafkaTopicsExample 2022-08-04T18:49:47Z logger.go:66:           + delete = "10m"
TestTerraformKafkaTopicsExample 2022-08-04T18:49:47Z logger.go:66:           + update = "1h"
TestTerraformKafkaTopicsExample 2022-08-04T18:49:47Z logger.go:66:         }
TestTerraformKafkaTopicsExample 2022-08-04T18:49:47Z logger.go:66:
TestTerraformKafkaTopicsExample 2022-08-04T18:49:47Z logger.go:66:       + wait {
TestTerraformKafkaTopicsExample 2022-08-04T18:49:47Z logger.go:66:           + fields = {
TestTerraformKafkaTopicsExample 2022-08-04T18:49:47Z logger.go:66:               + "status.phase" = "RUNNING"
TestTerraformKafkaTopicsExample 2022-08-04T18:49:47Z logger.go:66:             }
TestTerraformKafkaTopicsExample 2022-08-04T18:49:47Z logger.go:66:         }
TestTerraformKafkaTopicsExample 2022-08-04T18:49:47Z logger.go:66:     }
TestTerraformKafkaTopicsExample 2022-08-04T18:49:47Z logger.go:66:
TestTerraformKafkaTopicsExample 2022-08-04T18:49:47Z logger.go:66:   # module.confluent_platform.kubernetes_manifest.components["zookeeper"] will be created
TestTerraformKafkaTopicsExample 2022-08-04T18:49:47Z logger.go:66:   + resource "kubernetes_manifest" "components" {
TestTerraformKafkaTopicsExample 2022-08-04T18:49:47Z logger.go:66:       + computed_fields = [
TestTerraformKafkaTopicsExample 2022-08-04T18:49:47Z logger.go:66:           + "metadata.finalizers",
TestTerraformKafkaTopicsExample 2022-08-04T18:49:47Z logger.go:66:         ]
TestTerraformKafkaTopicsExample 2022-08-04T18:49:47Z logger.go:66:       + manifest        = {
TestTerraformKafkaTopicsExample 2022-08-04T18:49:47Z logger.go:66:           + apiVersion = "platform.confluent.io/v1beta1"
TestTerraformKafkaTopicsExample 2022-08-04T18:49:47Z logger.go:66:           + kind       = "Zookeeper"
TestTerraformKafkaTopicsExample 2022-08-04T18:49:47Z logger.go:66:           + metadata   = {
TestTerraformKafkaTopicsExample 2022-08-04T18:49:47Z logger.go:66:               + name      = "zookeeper"
TestTerraformKafkaTopicsExample 2022-08-04T18:49:47Z logger.go:66:               + namespace = "confluent"
TestTerraformKafkaTopicsExample 2022-08-04T18:49:47Z logger.go:66:             }
TestTerraformKafkaTopicsExample 2022-08-04T18:49:47Z logger.go:66:           + spec       = {
TestTerraformKafkaTopicsExample 2022-08-04T18:49:47Z logger.go:66:               + dataVolumeCapacity = "10Gi"
TestTerraformKafkaTopicsExample 2022-08-04T18:49:47Z logger.go:66:               + image              = {
TestTerraformKafkaTopicsExample 2022-08-04T18:49:47Z logger.go:66:                   + application = "confluentinc/cp-zookeeper:7.2.0"
TestTerraformKafkaTopicsExample 2022-08-04T18:49:47Z logger.go:66:                   + init        = "confluentinc/confluent-init-container:2.4.0"
TestTerraformKafkaTopicsExample 2022-08-04T18:49:47Z logger.go:66:                 }
TestTerraformKafkaTopicsExample 2022-08-04T18:49:47Z logger.go:66:               + logVolumeCapacity  = "10Gi"
TestTerraformKafkaTopicsExample 2022-08-04T18:49:47Z logger.go:66:               + replicas           = 3
TestTerraformKafkaTopicsExample 2022-08-04T18:49:47Z logger.go:66:             }
TestTerraformKafkaTopicsExample 2022-08-04T18:49:47Z logger.go:66:         }
TestTerraformKafkaTopicsExample 2022-08-04T18:49:47Z logger.go:66:       + object          = {
TestTerraformKafkaTopicsExample 2022-08-04T18:49:47Z logger.go:66:           + apiVersion = "platform.confluent.io/v1beta1"
TestTerraformKafkaTopicsExample 2022-08-04T18:49:47Z logger.go:66:           + kind       = "Zookeeper"
TestTerraformKafkaTopicsExample 2022-08-04T18:49:47Z logger.go:66:           + metadata   = {
TestTerraformKafkaTopicsExample 2022-08-04T18:49:47Z logger.go:66:               + annotations                = (known after apply)
TestTerraformKafkaTopicsExample 2022-08-04T18:49:47Z logger.go:66:               + clusterName                = (known after apply)
TestTerraformKafkaTopicsExample 2022-08-04T18:49:47Z logger.go:66:               + creationTimestamp          = (known after apply)
TestTerraformKafkaTopicsExample 2022-08-04T18:49:47Z logger.go:66:               + deletionGracePeriodSeconds = (known after apply)
TestTerraformKafkaTopicsExample 2022-08-04T18:49:47Z logger.go:66:               + deletionTimestamp          = (known after apply)
TestTerraformKafkaTopicsExample 2022-08-04T18:49:47Z logger.go:66:               + finalizers                 = (known after apply)
TestTerraformKafkaTopicsExample 2022-08-04T18:49:47Z logger.go:66:               + generateName               = (known after apply)
TestTerraformKafkaTopicsExample 2022-08-04T18:49:47Z logger.go:66:               + generation                 = (known after apply)
TestTerraformKafkaTopicsExample 2022-08-04T18:49:47Z logger.go:66:               + labels                     = (known after apply)
TestTerraformKafkaTopicsExample 2022-08-04T18:49:47Z logger.go:66:               + managedFields              = (known after apply)
TestTerraformKafkaTopicsExample 2022-08-04T18:49:47Z logger.go:66:               + name                       = "zookeeper"
TestTerraformKafkaTopicsExample 2022-08-04T18:49:47Z logger.go:66:               + namespace                  = "confluent"
TestTerraformKafkaTopicsExample 2022-08-04T18:49:47Z logger.go:66:               + ownerReferences            = (known after apply)
TestTerraformKafkaTopicsExample 2022-08-04T18:49:47Z logger.go:66:               + resourceVersion            = (known after apply)
TestTerraformKafkaTopicsExample 2022-08-04T18:49:47Z logger.go:66:               + selfLink                   = (known after apply)
TestTerraformKafkaTopicsExample 2022-08-04T18:49:47Z logger.go:66:               + uid                        = (known after apply)
TestTerraformKafkaTopicsExample 2022-08-04T18:49:47Z logger.go:66:             }
TestTerraformKafkaTopicsExample 2022-08-04T18:49:47Z logger.go:66:           + spec       = {
TestTerraformKafkaTopicsExample 2022-08-04T18:49:47Z logger.go:66:               + authentication     = {
TestTerraformKafkaTopicsExample 2022-08-04T18:49:47Z logger.go:66:                   + jaasConfig            = {
TestTerraformKafkaTopicsExample 2022-08-04T18:49:47Z logger.go:66:                       + secretRef = (known after apply)
TestTerraformKafkaTopicsExample 2022-08-04T18:49:47Z logger.go:66:                     }
TestTerraformKafkaTopicsExample 2022-08-04T18:49:47Z logger.go:66:                   + jaasConfigPassThrough = {
TestTerraformKafkaTopicsExample 2022-08-04T18:49:47Z logger.go:66:                       + directoryPathInContainer = (known after apply)
TestTerraformKafkaTopicsExample 2022-08-04T18:49:47Z logger.go:66:                       + secretRef                = (known after apply)
TestTerraformKafkaTopicsExample 2022-08-04T18:49:47Z logger.go:66:                     }
TestTerraformKafkaTopicsExample 2022-08-04T18:49:47Z logger.go:66:                   + principalMappingRules = (known after apply)
TestTerraformKafkaTopicsExample 2022-08-04T18:49:47Z logger.go:66:                   + type                  = (known after apply)
TestTerraformKafkaTopicsExample 2022-08-04T18:49:47Z logger.go:66:                 }
TestTerraformKafkaTopicsExample 2022-08-04T18:49:47Z logger.go:66:               + configOverrides    = {
TestTerraformKafkaTopicsExample 2022-08-04T18:49:47Z logger.go:66:                   + jvm    = (known after apply)
TestTerraformKafkaTopicsExample 2022-08-04T18:49:47Z logger.go:66:                   + log4j  = (known after apply)
TestTerraformKafkaTopicsExample 2022-08-04T18:49:47Z logger.go:66:                   + peers  = (known after apply)
TestTerraformKafkaTopicsExample 2022-08-04T18:49:47Z logger.go:66:                   + server = (known after apply)
TestTerraformKafkaTopicsExample 2022-08-04T18:49:47Z logger.go:66:                 }
TestTerraformKafkaTopicsExample 2022-08-04T18:49:47Z logger.go:66:               + dataVolumeCapacity = "10Gi"
TestTerraformKafkaTopicsExample 2022-08-04T18:49:47Z logger.go:66:               + headlessService    = {
TestTerraformKafkaTopicsExample 2022-08-04T18:49:47Z logger.go:66:                   + annotations              = (known after apply)
TestTerraformKafkaTopicsExample 2022-08-04T18:49:47Z logger.go:66:                   + labels                   = (known after apply)
TestTerraformKafkaTopicsExample 2022-08-04T18:49:47Z logger.go:66:                   + publishNotReadyAddresses = (known after apply)
TestTerraformKafkaTopicsExample 2022-08-04T18:49:47Z logger.go:66:                 }
TestTerraformKafkaTopicsExample 2022-08-04T18:49:47Z logger.go:66:               + image              = {
TestTerraformKafkaTopicsExample 2022-08-04T18:49:47Z logger.go:66:                   + application   = "confluentinc/cp-zookeeper:7.2.0"
TestTerraformKafkaTopicsExample 2022-08-04T18:49:47Z logger.go:66:                   + init          = "confluentinc/confluent-init-container:2.4.0"
TestTerraformKafkaTopicsExample 2022-08-04T18:49:47Z logger.go:66:                   + pullPolicy    = (known after apply)
TestTerraformKafkaTopicsExample 2022-08-04T18:49:47Z logger.go:66:                   + pullSecretRef = (known after apply)
TestTerraformKafkaTopicsExample 2022-08-04T18:49:47Z logger.go:66:                 }
TestTerraformKafkaTopicsExample 2022-08-04T18:49:47Z logger.go:66:               + injectAnnotations  = (known after apply)
TestTerraformKafkaTopicsExample 2022-08-04T18:49:47Z logger.go:66:               + injectLabels       = (known after apply)
TestTerraformKafkaTopicsExample 2022-08-04T18:49:47Z logger.go:66:               + k8sClusterDomain   = (known after apply)
TestTerraformKafkaTopicsExample 2022-08-04T18:49:47Z logger.go:66:               + license            = {
TestTerraformKafkaTopicsExample 2022-08-04T18:49:47Z logger.go:66:                   + directoryPathInContainer = (known after apply)
TestTerraformKafkaTopicsExample 2022-08-04T18:49:47Z logger.go:66:                   + globalLicense            = (known after apply)
TestTerraformKafkaTopicsExample 2022-08-04T18:49:47Z logger.go:66:                   + secretRef                = (known after apply)
TestTerraformKafkaTopicsExample 2022-08-04T18:49:47Z logger.go:66:                 }
TestTerraformKafkaTopicsExample 2022-08-04T18:49:47Z logger.go:66:               + logVolumeCapacity  = "10Gi"
TestTerraformKafkaTopicsExample 2022-08-04T18:49:47Z logger.go:66:               + metrics            = {
TestTerraformKafkaTopicsExample 2022-08-04T18:49:47Z logger.go:66:                   + authentication = {
TestTerraformKafkaTopicsExample 2022-08-04T18:49:47Z logger.go:66:                       + type = (known after apply)
TestTerraformKafkaTopicsExample 2022-08-04T18:49:47Z logger.go:66:                     }
TestTerraformKafkaTopicsExample 2022-08-04T18:49:47Z logger.go:66:                   + prometheus     = {
TestTerraformKafkaTopicsExample 2022-08-04T18:49:47Z logger.go:66:                       + blacklist = (known after apply)
TestTerraformKafkaTopicsExample 2022-08-04T18:49:47Z logger.go:66:                       + rules     = (known after apply)
TestTerraformKafkaTopicsExample 2022-08-04T18:49:47Z logger.go:66:                       + whitelist = (known after apply)
TestTerraformKafkaTopicsExample 2022-08-04T18:49:47Z logger.go:66:                     }
TestTerraformKafkaTopicsExample 2022-08-04T18:49:47Z logger.go:66:                   + tls            = {
TestTerraformKafkaTopicsExample 2022-08-04T18:49:47Z logger.go:66:                       + directoryPathInContainer = (known after apply)
TestTerraformKafkaTopicsExample 2022-08-04T18:49:47Z logger.go:66:                       + enabled                  = (known after apply)
TestTerraformKafkaTopicsExample 2022-08-04T18:49:47Z logger.go:66:                       + ignoreTrustStoreConfig   = (known after apply)
TestTerraformKafkaTopicsExample 2022-08-04T18:49:47Z logger.go:66:                       + jksPassword              = {
TestTerraformKafkaTopicsExample 2022-08-04T18:49:47Z logger.go:66:                           + secretRef = (known after apply)
TestTerraformKafkaTopicsExample 2022-08-04T18:49:47Z logger.go:66:                         }
TestTerraformKafkaTopicsExample 2022-08-04T18:49:47Z logger.go:66:                       + secretRef                = (known after apply)
TestTerraformKafkaTopicsExample 2022-08-04T18:49:47Z logger.go:66:                     }
TestTerraformKafkaTopicsExample 2022-08-04T18:49:47Z logger.go:66:                 }
TestTerraformKafkaTopicsExample 2022-08-04T18:49:47Z logger.go:66:               + mountedSecrets     = (known after apply)
TestTerraformKafkaTopicsExample 2022-08-04T18:49:47Z logger.go:66:               + mountedVolumes     = {
TestTerraformKafkaTopicsExample 2022-08-04T18:49:47Z logger.go:66:                   + volumeMounts = (known after apply)
TestTerraformKafkaTopicsExample 2022-08-04T18:49:47Z logger.go:66:                   + volumes      = (known after apply)
TestTerraformKafkaTopicsExample 2022-08-04T18:49:47Z logger.go:66:                 }
TestTerraformKafkaTopicsExample 2022-08-04T18:49:47Z logger.go:66:               + oneReplicaPerNode  = (known after apply)
TestTerraformKafkaTopicsExample 2022-08-04T18:49:47Z logger.go:66:               + podTemplate        = {
TestTerraformKafkaTopicsExample 2022-08-04T18:49:47Z logger.go:66:                   + affinity                      = {
TestTerraformKafkaTopicsExample 2022-08-04T18:49:47Z logger.go:66:                       + nodeAffinity    = {
TestTerraformKafkaTopicsExample 2022-08-04T18:49:47Z logger.go:66:                           + preferredDuringSchedulingIgnoredDuringExecution = (known after apply)
TestTerraformKafkaTopicsExample 2022-08-04T18:49:47Z logger.go:66:                           + requiredDuringSchedulingIgnoredDuringExecution  = {
TestTerraformKafkaTopicsExample 2022-08-04T18:49:47Z logger.go:66:                               + nodeSelectorTerms = (known after apply)
TestTerraformKafkaTopicsExample 2022-08-04T18:49:47Z logger.go:66:                             }
TestTerraformKafkaTopicsExample 2022-08-04T18:49:47Z logger.go:66:                         }
TestTerraformKafkaTopicsExample 2022-08-04T18:49:47Z logger.go:66:                       + podAffinity     = {
TestTerraformKafkaTopicsExample 2022-08-04T18:49:47Z logger.go:66:                           + preferredDuringSchedulingIgnoredDuringExecution = (known after apply)
TestTerraformKafkaTopicsExample 2022-08-04T18:49:47Z logger.go:66:                           + requiredDuringSchedulingIgnoredDuringExecution  = (known after apply)
TestTerraformKafkaTopicsExample 2022-08-04T18:49:47Z logger.go:66:                         }
TestTerraformKafkaTopicsExample 2022-08-04T18:49:47Z logger.go:66:                       + podAntiAffinity = {
TestTerraformKafkaTopicsExample 2022-08-04T18:49:47Z logger.go:66:                           + preferredDuringSchedulingIgnoredDuringExecution = (known after apply)
TestTerraformKafkaTopicsExample 2022-08-04T18:49:47Z logger.go:66:                           + requiredDuringSchedulingIgnoredDuringExecution  = (known after apply)
TestTerraformKafkaTopicsExample 2022-08-04T18:49:47Z logger.go:66:                         }
TestTerraformKafkaTopicsExample 2022-08-04T18:49:47Z logger.go:66:                     }
TestTerraformKafkaTopicsExample 2022-08-04T18:49:47Z logger.go:66:                   + annotations                   = (known after apply)
TestTerraformKafkaTopicsExample 2022-08-04T18:49:47Z logger.go:66:                   + envVars                       = (known after apply)
TestTerraformKafkaTopicsExample 2022-08-04T18:49:47Z logger.go:66:                   + labels                        = (known after apply)
TestTerraformKafkaTopicsExample 2022-08-04T18:49:47Z logger.go:66:                   + podSecurityContext            = {
TestTerraformKafkaTopicsExample 2022-08-04T18:49:47Z logger.go:66:                       + fsGroup             = (known after apply)
TestTerraformKafkaTopicsExample 2022-08-04T18:49:47Z logger.go:66:                       + fsGroupChangePolicy = (known after apply)
TestTerraformKafkaTopicsExample 2022-08-04T18:49:47Z logger.go:66:                       + runAsGroup          = (known after apply)
TestTerraformKafkaTopicsExample 2022-08-04T18:49:47Z logger.go:66:                       + runAsNonRoot        = (known after apply)
TestTerraformKafkaTopicsExample 2022-08-04T18:49:47Z logger.go:66:                       + runAsUser           = (known after apply)
TestTerraformKafkaTopicsExample 2022-08-04T18:49:47Z logger.go:66:                       + seLinuxOptions      = {
TestTerraformKafkaTopicsExample 2022-08-04T18:49:47Z logger.go:66:                           + level = (known after apply)
TestTerraformKafkaTopicsExample 2022-08-04T18:49:47Z logger.go:66:                           + role  = (known after apply)
TestTerraformKafkaTopicsExample 2022-08-04T18:49:47Z logger.go:66:                           + type  = (known after apply)
TestTerraformKafkaTopicsExample 2022-08-04T18:49:47Z logger.go:66:                           + user  = (known after apply)
TestTerraformKafkaTopicsExample 2022-08-04T18:49:47Z logger.go:66:                         }
TestTerraformKafkaTopicsExample 2022-08-04T18:49:47Z logger.go:66:                       + seccompProfile      = {
TestTerraformKafkaTopicsExample 2022-08-04T18:49:47Z logger.go:66:                           + localhostProfile = (known after apply)
TestTerraformKafkaTopicsExample 2022-08-04T18:49:47Z logger.go:66:                           + type             = (known after apply)
TestTerraformKafkaTopicsExample 2022-08-04T18:49:47Z logger.go:66:                         }
TestTerraformKafkaTopicsExample 2022-08-04T18:49:47Z logger.go:66:                       + supplementalGroups  = (known after apply)
TestTerraformKafkaTopicsExample 2022-08-04T18:49:47Z logger.go:66:                       + sysctls             = (known after apply)
TestTerraformKafkaTopicsExample 2022-08-04T18:49:47Z logger.go:66:                       + windowsOptions      = {
TestTerraformKafkaTopicsExample 2022-08-04T18:49:47Z logger.go:66:                           + gmsaCredentialSpec     = (known after apply)
TestTerraformKafkaTopicsExample 2022-08-04T18:49:47Z logger.go:66:                           + gmsaCredentialSpecName = (known after apply)
TestTerraformKafkaTopicsExample 2022-08-04T18:49:47Z logger.go:66:                           + hostProcess            = (known after apply)
TestTerraformKafkaTopicsExample 2022-08-04T18:49:47Z logger.go:66:                           + runAsUserName          = (known after apply)
TestTerraformKafkaTopicsExample 2022-08-04T18:49:47Z logger.go:66:                         }
TestTerraformKafkaTopicsExample 2022-08-04T18:49:47Z logger.go:66:                     }
TestTerraformKafkaTopicsExample 2022-08-04T18:49:47Z logger.go:66:                   + priorityClassName             = (known after apply)
TestTerraformKafkaTopicsExample 2022-08-04T18:49:47Z logger.go:66:                   + probe                         = {
TestTerraformKafkaTopicsExample 2022-08-04T18:49:47Z logger.go:66:                       + liveness  = {
TestTerraformKafkaTopicsExample 2022-08-04T18:49:47Z logger.go:66:                           + failureThreshold    = (known after apply)
TestTerraformKafkaTopicsExample 2022-08-04T18:49:47Z logger.go:66:                           + initialDelaySeconds = (known after apply)
TestTerraformKafkaTopicsExample 2022-08-04T18:49:47Z logger.go:66:                           + periodSeconds       = (known after apply)
TestTerraformKafkaTopicsExample 2022-08-04T18:49:47Z logger.go:66:                           + successThreshold    = (known after apply)
TestTerraformKafkaTopicsExample 2022-08-04T18:49:47Z logger.go:66:                           + timeoutSeconds      = (known after apply)
TestTerraformKafkaTopicsExample 2022-08-04T18:49:47Z logger.go:66:                         }
TestTerraformKafkaTopicsExample 2022-08-04T18:49:47Z logger.go:66:                       + readiness = {
TestTerraformKafkaTopicsExample 2022-08-04T18:49:47Z logger.go:66:                           + failureThreshold    = (known after apply)
TestTerraformKafkaTopicsExample 2022-08-04T18:49:47Z logger.go:66:                           + initialDelaySeconds = (known after apply)
TestTerraformKafkaTopicsExample 2022-08-04T18:49:47Z logger.go:66:                           + periodSeconds       = (known after apply)
TestTerraformKafkaTopicsExample 2022-08-04T18:49:47Z logger.go:66:                           + successThreshold    = (known after apply)
TestTerraformKafkaTopicsExample 2022-08-04T18:49:47Z logger.go:66:                           + timeoutSeconds      = (known after apply)
TestTerraformKafkaTopicsExample 2022-08-04T18:49:47Z logger.go:66:                         }
TestTerraformKafkaTopicsExample 2022-08-04T18:49:47Z logger.go:66:                     }
TestTerraformKafkaTopicsExample 2022-08-04T18:49:47Z logger.go:66:                   + resources                     = {
TestTerraformKafkaTopicsExample 2022-08-04T18:49:47Z logger.go:66:                       + limits   = (known after apply)
TestTerraformKafkaTopicsExample 2022-08-04T18:49:47Z logger.go:66:                       + requests = (known after apply)
TestTerraformKafkaTopicsExample 2022-08-04T18:49:47Z logger.go:66:                     }
TestTerraformKafkaTopicsExample 2022-08-04T18:49:47Z logger.go:66:                   + securityContext               = {
TestTerraformKafkaTopicsExample 2022-08-04T18:49:47Z logger.go:66:                       + allowPrivilegeEscalation = (known after apply)
TestTerraformKafkaTopicsExample 2022-08-04T18:49:47Z logger.go:66:                       + capabilities             = {
TestTerraformKafkaTopicsExample 2022-08-04T18:49:47Z logger.go:66:                           + add  = (known after apply)
TestTerraformKafkaTopicsExample 2022-08-04T18:49:47Z logger.go:66:                           + drop = (known after apply)
TestTerraformKafkaTopicsExample 2022-08-04T18:49:47Z logger.go:66:                         }
TestTerraformKafkaTopicsExample 2022-08-04T18:49:47Z logger.go:66:                       + privileged               = (known after apply)
TestTerraformKafkaTopicsExample 2022-08-04T18:49:47Z logger.go:66:                       + procMount                = (known after apply)
TestTerraformKafkaTopicsExample 2022-08-04T18:49:47Z logger.go:66:                       + readOnlyRootFilesystem   = (known after apply)
TestTerraformKafkaTopicsExample 2022-08-04T18:49:47Z logger.go:66:                       + runAsGroup               = (known after apply)
TestTerraformKafkaTopicsExample 2022-08-04T18:49:47Z logger.go:66:                       + runAsNonRoot             = (known after apply)
TestTerraformKafkaTopicsExample 2022-08-04T18:49:47Z logger.go:66:                       + runAsUser                = (known after apply)
TestTerraformKafkaTopicsExample 2022-08-04T18:49:47Z logger.go:66:                       + seLinuxOptions           = {
TestTerraformKafkaTopicsExample 2022-08-04T18:49:47Z logger.go:66:                           + level = (known after apply)
TestTerraformKafkaTopicsExample 2022-08-04T18:49:47Z logger.go:66:                           + role  = (known after apply)
TestTerraformKafkaTopicsExample 2022-08-04T18:49:47Z logger.go:66:                           + type  = (known after apply)
TestTerraformKafkaTopicsExample 2022-08-04T18:49:47Z logger.go:66:                           + user  = (known after apply)
TestTerraformKafkaTopicsExample 2022-08-04T18:49:47Z logger.go:66:                         }
TestTerraformKafkaTopicsExample 2022-08-04T18:49:47Z logger.go:66:                       + seccompProfile           = {
TestTerraformKafkaTopicsExample 2022-08-04T18:49:47Z logger.go:66:                           + localhostProfile = (known after apply)
TestTerraformKafkaTopicsExample 2022-08-04T18:49:47Z logger.go:66:                           + type             = (known after apply)
TestTerraformKafkaTopicsExample 2022-08-04T18:49:47Z logger.go:66:                         }
TestTerraformKafkaTopicsExample 2022-08-04T18:49:47Z logger.go:66:                       + windowsOptions           = {
TestTerraformKafkaTopicsExample 2022-08-04T18:49:47Z logger.go:66:                           + gmsaCredentialSpec     = (known after apply)
TestTerraformKafkaTopicsExample 2022-08-04T18:49:47Z logger.go:66:                           + gmsaCredentialSpecName = (known after apply)
TestTerraformKafkaTopicsExample 2022-08-04T18:49:47Z logger.go:66:                           + hostProcess            = (known after apply)
TestTerraformKafkaTopicsExample 2022-08-04T18:49:47Z logger.go:66:                           + runAsUserName          = (known after apply)
TestTerraformKafkaTopicsExample 2022-08-04T18:49:47Z logger.go:66:                         }
TestTerraformKafkaTopicsExample 2022-08-04T18:49:47Z logger.go:66:                     }
TestTerraformKafkaTopicsExample 2022-08-04T18:49:47Z logger.go:66:                   + serviceAccountName            = (known after apply)
TestTerraformKafkaTopicsExample 2022-08-04T18:49:47Z logger.go:66:                   + terminationGracePeriodSeconds = (known after apply)
TestTerraformKafkaTopicsExample 2022-08-04T18:49:47Z logger.go:66:                   + tolerations                   = (known after apply)
TestTerraformKafkaTopicsExample 2022-08-04T18:49:47Z logger.go:66:                   + topologySpreadConstraints     = (known after apply)
TestTerraformKafkaTopicsExample 2022-08-04T18:49:47Z logger.go:66:                 }
TestTerraformKafkaTopicsExample 2022-08-04T18:49:47Z logger.go:66:               + replicas           = 3
TestTerraformKafkaTopicsExample 2022-08-04T18:49:47Z logger.go:66:               + storageClass       = {
TestTerraformKafkaTopicsExample 2022-08-04T18:49:47Z logger.go:66:                   + name = (known after apply)
TestTerraformKafkaTopicsExample 2022-08-04T18:49:47Z logger.go:66:                 }
TestTerraformKafkaTopicsExample 2022-08-04T18:49:47Z logger.go:66:               + tls                = {
TestTerraformKafkaTopicsExample 2022-08-04T18:49:47Z logger.go:66:                   + autoGeneratedCerts       = (known after apply)
TestTerraformKafkaTopicsExample 2022-08-04T18:49:47Z logger.go:66:                   + directoryPathInContainer = (known after apply)
TestTerraformKafkaTopicsExample 2022-08-04T18:49:47Z logger.go:66:                   + ignoreTrustStoreConfig   = (known after apply)
TestTerraformKafkaTopicsExample 2022-08-04T18:49:47Z logger.go:66:                   + jksPassword              = {
TestTerraformKafkaTopicsExample 2022-08-04T18:49:47Z logger.go:66:                       + secretRef = (known after apply)
TestTerraformKafkaTopicsExample 2022-08-04T18:49:47Z logger.go:66:                     }
TestTerraformKafkaTopicsExample 2022-08-04T18:49:47Z logger.go:66:                   + secretRef                = (known after apply)
TestTerraformKafkaTopicsExample 2022-08-04T18:49:47Z logger.go:66:                 }
TestTerraformKafkaTopicsExample 2022-08-04T18:49:47Z logger.go:66:             }
TestTerraformKafkaTopicsExample 2022-08-04T18:49:47Z logger.go:66:         }
TestTerraformKafkaTopicsExample 2022-08-04T18:49:47Z logger.go:66:
TestTerraformKafkaTopicsExample 2022-08-04T18:49:47Z logger.go:66:       + timeouts {
TestTerraformKafkaTopicsExample 2022-08-04T18:49:47Z logger.go:66:           + create = "1h"
TestTerraformKafkaTopicsExample 2022-08-04T18:49:47Z logger.go:66:           + delete = "10m"
TestTerraformKafkaTopicsExample 2022-08-04T18:49:47Z logger.go:66:           + update = "1h"
TestTerraformKafkaTopicsExample 2022-08-04T18:49:47Z logger.go:66:         }
TestTerraformKafkaTopicsExample 2022-08-04T18:49:47Z logger.go:66:
TestTerraformKafkaTopicsExample 2022-08-04T18:49:47Z logger.go:66:       + wait {
TestTerraformKafkaTopicsExample 2022-08-04T18:49:47Z logger.go:66:           + fields = {
TestTerraformKafkaTopicsExample 2022-08-04T18:49:47Z logger.go:66:               + "status.phase" = "RUNNING"
TestTerraformKafkaTopicsExample 2022-08-04T18:49:47Z logger.go:66:             }
TestTerraformKafkaTopicsExample 2022-08-04T18:49:47Z logger.go:66:         }
TestTerraformKafkaTopicsExample 2022-08-04T18:49:47Z logger.go:66:     }
TestTerraformKafkaTopicsExample 2022-08-04T18:49:47Z logger.go:66:
TestTerraformKafkaTopicsExample 2022-08-04T18:49:47Z logger.go:66:   # module.kafka_topic.data.kubernetes_resource.topic will be read during apply
TestTerraformKafkaTopicsExample 2022-08-04T18:49:47Z logger.go:66:   # (depends on a resource or a module with changes pending)
TestTerraformKafkaTopicsExample 2022-08-04T18:49:47Z logger.go:66:  <= data "kubernetes_resource" "topic" {
TestTerraformKafkaTopicsExample 2022-08-04T18:49:47Z logger.go:66:       + api_version = "platform.confluent.io/v1beta1"
TestTerraformKafkaTopicsExample 2022-08-04T18:49:47Z logger.go:66:       + kind        = "KafkaTopic"
TestTerraformKafkaTopicsExample 2022-08-04T18:49:47Z logger.go:66:       + object      = (known after apply)
TestTerraformKafkaTopicsExample 2022-08-04T18:49:47Z logger.go:66:
TestTerraformKafkaTopicsExample 2022-08-04T18:49:47Z logger.go:66:       + metadata {
TestTerraformKafkaTopicsExample 2022-08-04T18:49:47Z logger.go:66:           + name      = "my-topic"
TestTerraformKafkaTopicsExample 2022-08-04T18:49:47Z logger.go:66:           + namespace = "confluent"
TestTerraformKafkaTopicsExample 2022-08-04T18:49:47Z logger.go:66:         }
TestTerraformKafkaTopicsExample 2022-08-04T18:49:47Z logger.go:66:     }
TestTerraformKafkaTopicsExample 2022-08-04T18:49:47Z logger.go:66:
TestTerraformKafkaTopicsExample 2022-08-04T18:49:47Z logger.go:66:   # module.kafka_topic.kubernetes_manifest.topic will be created
TestTerraformKafkaTopicsExample 2022-08-04T18:49:47Z logger.go:66:   + resource "kubernetes_manifest" "topic" {
TestTerraformKafkaTopicsExample 2022-08-04T18:49:47Z logger.go:66:       + computed_fields = [
TestTerraformKafkaTopicsExample 2022-08-04T18:49:47Z logger.go:66:           + "metadata.finalizers",
TestTerraformKafkaTopicsExample 2022-08-04T18:49:47Z logger.go:66:         ]
TestTerraformKafkaTopicsExample 2022-08-04T18:49:47Z logger.go:66:       + manifest        = {
TestTerraformKafkaTopicsExample 2022-08-04T18:49:47Z logger.go:66:           + apiVersion = "platform.confluent.io/v1beta1"
TestTerraformKafkaTopicsExample 2022-08-04T18:49:47Z logger.go:66:           + kind       = "KafkaTopic"
TestTerraformKafkaTopicsExample 2022-08-04T18:49:47Z logger.go:66:           + metadata   = {
TestTerraformKafkaTopicsExample 2022-08-04T18:49:47Z logger.go:66:               + name      = "my-topic"
TestTerraformKafkaTopicsExample 2022-08-04T18:49:47Z logger.go:66:               + namespace = "confluent"
TestTerraformKafkaTopicsExample 2022-08-04T18:49:47Z logger.go:66:             }
TestTerraformKafkaTopicsExample 2022-08-04T18:49:47Z logger.go:66:           + spec       = {
TestTerraformKafkaTopicsExample 2022-08-04T18:49:47Z logger.go:66:               + configs        = {
TestTerraformKafkaTopicsExample 2022-08-04T18:49:47Z logger.go:66:                   + "cleanup.policy" = "delete"
TestTerraformKafkaTopicsExample 2022-08-04T18:49:47Z logger.go:66:                 }
TestTerraformKafkaTopicsExample 2022-08-04T18:49:47Z logger.go:66:               + partitionCount = 3
TestTerraformKafkaTopicsExample 2022-08-04T18:49:47Z logger.go:66:               + replicas       = 3
TestTerraformKafkaTopicsExample 2022-08-04T18:49:47Z logger.go:66:             }
TestTerraformKafkaTopicsExample 2022-08-04T18:49:47Z logger.go:66:         }
TestTerraformKafkaTopicsExample 2022-08-04T18:49:47Z logger.go:66:       + object          = {
TestTerraformKafkaTopicsExample 2022-08-04T18:49:47Z logger.go:66:           + apiVersion = "platform.confluent.io/v1beta1"
TestTerraformKafkaTopicsExample 2022-08-04T18:49:47Z logger.go:66:           + kind       = "KafkaTopic"
TestTerraformKafkaTopicsExample 2022-08-04T18:49:47Z logger.go:66:           + metadata   = {
TestTerraformKafkaTopicsExample 2022-08-04T18:49:47Z logger.go:66:               + annotations                = (known after apply)
TestTerraformKafkaTopicsExample 2022-08-04T18:49:47Z logger.go:66:               + clusterName                = (known after apply)
TestTerraformKafkaTopicsExample 2022-08-04T18:49:47Z logger.go:66:               + creationTimestamp          = (known after apply)
TestTerraformKafkaTopicsExample 2022-08-04T18:49:47Z logger.go:66:               + deletionGracePeriodSeconds = (known after apply)
TestTerraformKafkaTopicsExample 2022-08-04T18:49:47Z logger.go:66:               + deletionTimestamp          = (known after apply)
TestTerraformKafkaTopicsExample 2022-08-04T18:49:47Z logger.go:66:               + finalizers                 = (known after apply)
TestTerraformKafkaTopicsExample 2022-08-04T18:49:47Z logger.go:66:               + generateName               = (known after apply)
TestTerraformKafkaTopicsExample 2022-08-04T18:49:47Z logger.go:66:               + generation                 = (known after apply)
TestTerraformKafkaTopicsExample 2022-08-04T18:49:47Z logger.go:66:               + labels                     = (known after apply)
TestTerraformKafkaTopicsExample 2022-08-04T18:49:47Z logger.go:66:               + managedFields              = (known after apply)
TestTerraformKafkaTopicsExample 2022-08-04T18:49:47Z logger.go:66:               + name                       = "my-topic"
TestTerraformKafkaTopicsExample 2022-08-04T18:49:47Z logger.go:66:               + namespace                  = "confluent"
TestTerraformKafkaTopicsExample 2022-08-04T18:49:47Z logger.go:66:               + ownerReferences            = (known after apply)
TestTerraformKafkaTopicsExample 2022-08-04T18:49:47Z logger.go:66:               + resourceVersion            = (known after apply)
TestTerraformKafkaTopicsExample 2022-08-04T18:49:47Z logger.go:66:               + selfLink                   = (known after apply)
TestTerraformKafkaTopicsExample 2022-08-04T18:49:47Z logger.go:66:               + uid                        = (known after apply)
TestTerraformKafkaTopicsExample 2022-08-04T18:49:47Z logger.go:66:             }
TestTerraformKafkaTopicsExample 2022-08-04T18:49:47Z logger.go:66:           + spec       = {
TestTerraformKafkaTopicsExample 2022-08-04T18:49:47Z logger.go:66:               + configs           = {
TestTerraformKafkaTopicsExample 2022-08-04T18:49:47Z logger.go:66:                   + "cleanup.policy" = "delete"
TestTerraformKafkaTopicsExample 2022-08-04T18:49:47Z logger.go:66:                 }
TestTerraformKafkaTopicsExample 2022-08-04T18:49:47Z logger.go:66:               + kafkaClusterRef   = {
TestTerraformKafkaTopicsExample 2022-08-04T18:49:47Z logger.go:66:                   + name      = (known after apply)
TestTerraformKafkaTopicsExample 2022-08-04T18:49:47Z logger.go:66:                   + namespace = (known after apply)
TestTerraformKafkaTopicsExample 2022-08-04T18:49:47Z logger.go:66:                 }
TestTerraformKafkaTopicsExample 2022-08-04T18:49:47Z logger.go:66:               + kafkaRest         = {
TestTerraformKafkaTopicsExample 2022-08-04T18:49:47Z logger.go:66:                   + authentication = {
TestTerraformKafkaTopicsExample 2022-08-04T18:49:47Z logger.go:66:                       + basic  = {
TestTerraformKafkaTopicsExample 2022-08-04T18:49:47Z logger.go:66:                           + debug                    = (known after apply)
TestTerraformKafkaTopicsExample 2022-08-04T18:49:47Z logger.go:66:                           + directoryPathInContainer = (known after apply)
TestTerraformKafkaTopicsExample 2022-08-04T18:49:47Z logger.go:66:                           + restrictedRoles          = (known after apply)
TestTerraformKafkaTopicsExample 2022-08-04T18:49:47Z logger.go:66:                           + roles                    = (known after apply)
TestTerraformKafkaTopicsExample 2022-08-04T18:49:47Z logger.go:66:                           + secretRef                = (known after apply)
TestTerraformKafkaTopicsExample 2022-08-04T18:49:47Z logger.go:66:                         }
TestTerraformKafkaTopicsExample 2022-08-04T18:49:47Z logger.go:66:                       + bearer = {
TestTerraformKafkaTopicsExample 2022-08-04T18:49:47Z logger.go:66:                           + directoryPathInContainer = (known after apply)
TestTerraformKafkaTopicsExample 2022-08-04T18:49:47Z logger.go:66:                           + secretRef                = (known after apply)
TestTerraformKafkaTopicsExample 2022-08-04T18:49:47Z logger.go:66:                         }
TestTerraformKafkaTopicsExample 2022-08-04T18:49:47Z logger.go:66:                       + type   = (known after apply)
TestTerraformKafkaTopicsExample 2022-08-04T18:49:47Z logger.go:66:                     }
TestTerraformKafkaTopicsExample 2022-08-04T18:49:47Z logger.go:66:                   + endpoint       = (known after apply)
TestTerraformKafkaTopicsExample 2022-08-04T18:49:47Z logger.go:66:                   + kafkaClusterID = (known after apply)
TestTerraformKafkaTopicsExample 2022-08-04T18:49:47Z logger.go:66:                   + tls            = {
TestTerraformKafkaTopicsExample 2022-08-04T18:49:47Z logger.go:66:                       + directoryPathInContainer = (known after apply)
TestTerraformKafkaTopicsExample 2022-08-04T18:49:47Z logger.go:66:                       + jksPassword              = {
TestTerraformKafkaTopicsExample 2022-08-04T18:49:47Z logger.go:66:                           + secretRef = (known after apply)
TestTerraformKafkaTopicsExample 2022-08-04T18:49:47Z logger.go:66:                         }
TestTerraformKafkaTopicsExample 2022-08-04T18:49:47Z logger.go:66:                       + secretRef                = (known after apply)
TestTerraformKafkaTopicsExample 2022-08-04T18:49:47Z logger.go:66:                     }
TestTerraformKafkaTopicsExample 2022-08-04T18:49:47Z logger.go:66:                 }
TestTerraformKafkaTopicsExample 2022-08-04T18:49:47Z logger.go:66:               + kafkaRestClassRef = {
TestTerraformKafkaTopicsExample 2022-08-04T18:49:47Z logger.go:66:                   + name      = (known after apply)
TestTerraformKafkaTopicsExample 2022-08-04T18:49:47Z logger.go:66:                   + namespace = (known after apply)
TestTerraformKafkaTopicsExample 2022-08-04T18:49:47Z logger.go:66:                 }
TestTerraformKafkaTopicsExample 2022-08-04T18:49:47Z logger.go:66:               + name              = (known after apply)
TestTerraformKafkaTopicsExample 2022-08-04T18:49:47Z logger.go:66:               + partitionCount    = 3
TestTerraformKafkaTopicsExample 2022-08-04T18:49:47Z logger.go:66:               + replicas          = 3
TestTerraformKafkaTopicsExample 2022-08-04T18:49:47Z logger.go:66:             }
TestTerraformKafkaTopicsExample 2022-08-04T18:49:47Z logger.go:66:         }
TestTerraformKafkaTopicsExample 2022-08-04T18:49:47Z logger.go:66:
TestTerraformKafkaTopicsExample 2022-08-04T18:49:47Z logger.go:66:       + timeouts {
TestTerraformKafkaTopicsExample 2022-08-04T18:49:47Z logger.go:66:           + create = "10m"
TestTerraformKafkaTopicsExample 2022-08-04T18:49:47Z logger.go:66:           + delete = "10m"
TestTerraformKafkaTopicsExample 2022-08-04T18:49:47Z logger.go:66:           + update = "10m"
TestTerraformKafkaTopicsExample 2022-08-04T18:49:47Z logger.go:66:         }
TestTerraformKafkaTopicsExample 2022-08-04T18:49:47Z logger.go:66:
TestTerraformKafkaTopicsExample 2022-08-04T18:49:47Z logger.go:66:       + wait {
TestTerraformKafkaTopicsExample 2022-08-04T18:49:47Z logger.go:66:           + fields = {
TestTerraformKafkaTopicsExample 2022-08-04T18:49:47Z logger.go:66:               + "status.state" = "CREATED"
TestTerraformKafkaTopicsExample 2022-08-04T18:49:47Z logger.go:66:             }
TestTerraformKafkaTopicsExample 2022-08-04T18:49:47Z logger.go:66:         }
TestTerraformKafkaTopicsExample 2022-08-04T18:49:47Z logger.go:66:     }
TestTerraformKafkaTopicsExample 2022-08-04T18:49:47Z logger.go:66:
TestTerraformKafkaTopicsExample 2022-08-04T18:49:47Z logger.go:66:   # module.other_kafka_topic.data.kubernetes_resource.topic will be read during apply
TestTerraformKafkaTopicsExample 2022-08-04T18:49:47Z logger.go:66:   # (depends on a resource or a module with changes pending)
TestTerraformKafkaTopicsExample 2022-08-04T18:49:47Z logger.go:66:  <= data "kubernetes_resource" "topic" {
TestTerraformKafkaTopicsExample 2022-08-04T18:49:47Z logger.go:66:       + api_version = "platform.confluent.io/v1beta1"
TestTerraformKafkaTopicsExample 2022-08-04T18:49:47Z logger.go:66:       + kind        = "KafkaTopic"
TestTerraformKafkaTopicsExample 2022-08-04T18:49:47Z logger.go:66:       + object      = (known after apply)
TestTerraformKafkaTopicsExample 2022-08-04T18:49:47Z logger.go:66:
TestTerraformKafkaTopicsExample 2022-08-04T18:49:47Z logger.go:66:       + metadata {
TestTerraformKafkaTopicsExample 2022-08-04T18:49:47Z logger.go:66:           + name      = "my-other-topic"
TestTerraformKafkaTopicsExample 2022-08-04T18:49:47Z logger.go:66:           + namespace = "confluent"
TestTerraformKafkaTopicsExample 2022-08-04T18:49:47Z logger.go:66:         }
TestTerraformKafkaTopicsExample 2022-08-04T18:49:47Z logger.go:66:     }
TestTerraformKafkaTopicsExample 2022-08-04T18:49:47Z logger.go:66:
TestTerraformKafkaTopicsExample 2022-08-04T18:49:47Z logger.go:66:   # module.other_kafka_topic.kubernetes_manifest.topic will be created
TestTerraformKafkaTopicsExample 2022-08-04T18:49:47Z logger.go:66:   + resource "kubernetes_manifest" "topic" {
TestTerraformKafkaTopicsExample 2022-08-04T18:49:47Z logger.go:66:       + computed_fields = [
TestTerraformKafkaTopicsExample 2022-08-04T18:49:47Z logger.go:66:           + "metadata.finalizers",
TestTerraformKafkaTopicsExample 2022-08-04T18:49:47Z logger.go:66:         ]
TestTerraformKafkaTopicsExample 2022-08-04T18:49:47Z logger.go:66:       + manifest        = {
TestTerraformKafkaTopicsExample 2022-08-04T18:49:47Z logger.go:66:           + apiVersion = "platform.confluent.io/v1beta1"
TestTerraformKafkaTopicsExample 2022-08-04T18:49:47Z logger.go:66:           + kind       = "KafkaTopic"
TestTerraformKafkaTopicsExample 2022-08-04T18:49:47Z logger.go:66:           + metadata   = {
TestTerraformKafkaTopicsExample 2022-08-04T18:49:47Z logger.go:66:               + name      = "my-other-topic"
TestTerraformKafkaTopicsExample 2022-08-04T18:49:47Z logger.go:66:               + namespace = "confluent"
TestTerraformKafkaTopicsExample 2022-08-04T18:49:47Z logger.go:66:             }
TestTerraformKafkaTopicsExample 2022-08-04T18:49:47Z logger.go:66:           + spec       = {
TestTerraformKafkaTopicsExample 2022-08-04T18:49:47Z logger.go:66:               + configs        = {
TestTerraformKafkaTopicsExample 2022-08-04T18:49:47Z logger.go:66:                   + "cleanup.policy" = "compact"
TestTerraformKafkaTopicsExample 2022-08-04T18:49:47Z logger.go:66:                 }
TestTerraformKafkaTopicsExample 2022-08-04T18:49:47Z logger.go:66:               + kafkaRest      = {
TestTerraformKafkaTopicsExample 2022-08-04T18:49:47Z logger.go:66:                   + endpoint = "http://kafka.confluent.svc.cluster.local:8090"
TestTerraformKafkaTopicsExample 2022-08-04T18:49:47Z logger.go:66:                 }
TestTerraformKafkaTopicsExample 2022-08-04T18:49:47Z logger.go:66:               + partitionCount = 4
TestTerraformKafkaTopicsExample 2022-08-04T18:49:47Z logger.go:66:               + replicas       = 3
TestTerraformKafkaTopicsExample 2022-08-04T18:49:47Z logger.go:66:             }
TestTerraformKafkaTopicsExample 2022-08-04T18:49:47Z logger.go:66:         }
TestTerraformKafkaTopicsExample 2022-08-04T18:49:47Z logger.go:66:       + object          = {
TestTerraformKafkaTopicsExample 2022-08-04T18:49:47Z logger.go:66:           + apiVersion = "platform.confluent.io/v1beta1"
TestTerraformKafkaTopicsExample 2022-08-04T18:49:47Z logger.go:66:           + kind       = "KafkaTopic"
TestTerraformKafkaTopicsExample 2022-08-04T18:49:47Z logger.go:66:           + metadata   = {
TestTerraformKafkaTopicsExample 2022-08-04T18:49:47Z logger.go:66:               + annotations                = (known after apply)
TestTerraformKafkaTopicsExample 2022-08-04T18:49:47Z logger.go:66:               + clusterName                = (known after apply)
TestTerraformKafkaTopicsExample 2022-08-04T18:49:47Z logger.go:66:               + creationTimestamp          = (known after apply)
TestTerraformKafkaTopicsExample 2022-08-04T18:49:47Z logger.go:66:               + deletionGracePeriodSeconds = (known after apply)
TestTerraformKafkaTopicsExample 2022-08-04T18:49:47Z logger.go:66:               + deletionTimestamp          = (known after apply)
TestTerraformKafkaTopicsExample 2022-08-04T18:49:47Z logger.go:66:               + finalizers                 = (known after apply)
TestTerraformKafkaTopicsExample 2022-08-04T18:49:47Z logger.go:66:               + generateName               = (known after apply)
TestTerraformKafkaTopicsExample 2022-08-04T18:49:47Z logger.go:66:               + generation                 = (known after apply)
TestTerraformKafkaTopicsExample 2022-08-04T18:49:47Z logger.go:66:               + labels                     = (known after apply)
TestTerraformKafkaTopicsExample 2022-08-04T18:49:47Z logger.go:66:               + managedFields              = (known after apply)
TestTerraformKafkaTopicsExample 2022-08-04T18:49:47Z logger.go:66:               + name                       = "my-other-topic"
TestTerraformKafkaTopicsExample 2022-08-04T18:49:47Z logger.go:66:               + namespace                  = "confluent"
TestTerraformKafkaTopicsExample 2022-08-04T18:49:47Z logger.go:66:               + ownerReferences            = (known after apply)
TestTerraformKafkaTopicsExample 2022-08-04T18:49:47Z logger.go:66:               + resourceVersion            = (known after apply)
TestTerraformKafkaTopicsExample 2022-08-04T18:49:47Z logger.go:66:               + selfLink                   = (known after apply)
TestTerraformKafkaTopicsExample 2022-08-04T18:49:47Z logger.go:66:               + uid                        = (known after apply)
TestTerraformKafkaTopicsExample 2022-08-04T18:49:47Z logger.go:66:             }
TestTerraformKafkaTopicsExample 2022-08-04T18:49:47Z logger.go:66:           + spec       = {
TestTerraformKafkaTopicsExample 2022-08-04T18:49:47Z logger.go:66:               + configs           = {
TestTerraformKafkaTopicsExample 2022-08-04T18:49:47Z logger.go:66:                   + "cleanup.policy" = "compact"
TestTerraformKafkaTopicsExample 2022-08-04T18:49:47Z logger.go:66:                 }
TestTerraformKafkaTopicsExample 2022-08-04T18:49:47Z logger.go:66:               + kafkaClusterRef   = {
TestTerraformKafkaTopicsExample 2022-08-04T18:49:47Z logger.go:66:                   + name      = (known after apply)
TestTerraformKafkaTopicsExample 2022-08-04T18:49:47Z logger.go:66:                   + namespace = (known after apply)
TestTerraformKafkaTopicsExample 2022-08-04T18:49:47Z logger.go:66:                 }
TestTerraformKafkaTopicsExample 2022-08-04T18:49:47Z logger.go:66:               + kafkaRest         = {
TestTerraformKafkaTopicsExample 2022-08-04T18:49:47Z logger.go:66:                   + authentication = {
TestTerraformKafkaTopicsExample 2022-08-04T18:49:47Z logger.go:66:                       + basic  = {
TestTerraformKafkaTopicsExample 2022-08-04T18:49:47Z logger.go:66:                           + debug                    = (known after apply)
TestTerraformKafkaTopicsExample 2022-08-04T18:49:47Z logger.go:66:                           + directoryPathInContainer = (known after apply)
TestTerraformKafkaTopicsExample 2022-08-04T18:49:47Z logger.go:66:                           + restrictedRoles          = (known after apply)
TestTerraformKafkaTopicsExample 2022-08-04T18:49:47Z logger.go:66:                           + roles                    = (known after apply)
TestTerraformKafkaTopicsExample 2022-08-04T18:49:47Z logger.go:66:                           + secretRef                = (known after apply)
TestTerraformKafkaTopicsExample 2022-08-04T18:49:47Z logger.go:66:                         }
TestTerraformKafkaTopicsExample 2022-08-04T18:49:47Z logger.go:66:                       + bearer = {
TestTerraformKafkaTopicsExample 2022-08-04T18:49:47Z logger.go:66:                           + directoryPathInContainer = (known after apply)
TestTerraformKafkaTopicsExample 2022-08-04T18:49:47Z logger.go:66:                           + secretRef                = (known after apply)
TestTerraformKafkaTopicsExample 2022-08-04T18:49:47Z logger.go:66:                         }
TestTerraformKafkaTopicsExample 2022-08-04T18:49:47Z logger.go:66:                       + type   = (known after apply)
TestTerraformKafkaTopicsExample 2022-08-04T18:49:47Z logger.go:66:                     }
TestTerraformKafkaTopicsExample 2022-08-04T18:49:47Z logger.go:66:                   + endpoint       = "http://kafka.confluent.svc.cluster.local:8090"
TestTerraformKafkaTopicsExample 2022-08-04T18:49:47Z logger.go:66:                   + kafkaClusterID = (known after apply)
TestTerraformKafkaTopicsExample 2022-08-04T18:49:47Z logger.go:66:                   + tls            = {
TestTerraformKafkaTopicsExample 2022-08-04T18:49:47Z logger.go:66:                       + directoryPathInContainer = (known after apply)
TestTerraformKafkaTopicsExample 2022-08-04T18:49:47Z logger.go:66:                       + jksPassword              = {
TestTerraformKafkaTopicsExample 2022-08-04T18:49:47Z logger.go:66:                           + secretRef = (known after apply)
TestTerraformKafkaTopicsExample 2022-08-04T18:49:47Z logger.go:66:                         }
TestTerraformKafkaTopicsExample 2022-08-04T18:49:47Z logger.go:66:                       + secretRef                = (known after apply)
TestTerraformKafkaTopicsExample 2022-08-04T18:49:47Z logger.go:66:                     }
TestTerraformKafkaTopicsExample 2022-08-04T18:49:47Z logger.go:66:                 }
TestTerraformKafkaTopicsExample 2022-08-04T18:49:47Z logger.go:66:               + kafkaRestClassRef = {
TestTerraformKafkaTopicsExample 2022-08-04T18:49:47Z logger.go:66:                   + name      = (known after apply)
TestTerraformKafkaTopicsExample 2022-08-04T18:49:47Z logger.go:66:                   + namespace = (known after apply)
TestTerraformKafkaTopicsExample 2022-08-04T18:49:47Z logger.go:66:                 }
TestTerraformKafkaTopicsExample 2022-08-04T18:49:47Z logger.go:66:               + name              = (known after apply)
TestTerraformKafkaTopicsExample 2022-08-04T18:49:47Z logger.go:66:               + partitionCount    = 4
TestTerraformKafkaTopicsExample 2022-08-04T18:49:47Z logger.go:66:               + replicas          = 3
TestTerraformKafkaTopicsExample 2022-08-04T18:49:47Z logger.go:66:             }
TestTerraformKafkaTopicsExample 2022-08-04T18:49:47Z logger.go:66:         }
TestTerraformKafkaTopicsExample 2022-08-04T18:49:47Z logger.go:66:
TestTerraformKafkaTopicsExample 2022-08-04T18:49:47Z logger.go:66:       + timeouts {
TestTerraformKafkaTopicsExample 2022-08-04T18:49:47Z logger.go:66:           + create = "10m"
TestTerraformKafkaTopicsExample 2022-08-04T18:49:47Z logger.go:66:           + delete = "10m"
TestTerraformKafkaTopicsExample 2022-08-04T18:49:47Z logger.go:66:           + update = "10m"
TestTerraformKafkaTopicsExample 2022-08-04T18:49:47Z logger.go:66:         }
TestTerraformKafkaTopicsExample 2022-08-04T18:49:47Z logger.go:66:
TestTerraformKafkaTopicsExample 2022-08-04T18:49:47Z logger.go:66:       + wait {
TestTerraformKafkaTopicsExample 2022-08-04T18:49:47Z logger.go:66:           + fields = {
TestTerraformKafkaTopicsExample 2022-08-04T18:49:47Z logger.go:66:               + "status.state" = "CREATED"
TestTerraformKafkaTopicsExample 2022-08-04T18:49:47Z logger.go:66:             }
TestTerraformKafkaTopicsExample 2022-08-04T18:49:47Z logger.go:66:         }
TestTerraformKafkaTopicsExample 2022-08-04T18:49:47Z logger.go:66:     }
TestTerraformKafkaTopicsExample 2022-08-04T18:49:47Z logger.go:66:
TestTerraformKafkaTopicsExample 2022-08-04T18:49:47Z logger.go:66:   # module.confluent_platform.module.confluent_operator[0].helm_release.confluent_operator[0] will be created
TestTerraformKafkaTopicsExample 2022-08-04T18:49:47Z logger.go:66:   + resource "helm_release" "confluent_operator" {
TestTerraformKafkaTopicsExample 2022-08-04T18:49:47Z logger.go:66:       + atomic                     = false
TestTerraformKafkaTopicsExample 2022-08-04T18:49:47Z logger.go:66:       + chart                      = "confluent-for-kubernetes"
TestTerraformKafkaTopicsExample 2022-08-04T18:49:47Z logger.go:66:       + cleanup_on_fail            = false
TestTerraformKafkaTopicsExample 2022-08-04T18:49:47Z logger.go:66:       + create_namespace           = false
TestTerraformKafkaTopicsExample 2022-08-04T18:49:47Z logger.go:66:       + dependency_update          = false
TestTerraformKafkaTopicsExample 2022-08-04T18:49:47Z logger.go:66:       + disable_crd_hooks          = false
TestTerraformKafkaTopicsExample 2022-08-04T18:49:47Z logger.go:66:       + disable_openapi_validation = false
TestTerraformKafkaTopicsExample 2022-08-04T18:49:47Z logger.go:66:       + disable_webhooks           = false
TestTerraformKafkaTopicsExample 2022-08-04T18:49:47Z logger.go:66:       + force_update               = false
TestTerraformKafkaTopicsExample 2022-08-04T18:49:47Z logger.go:66:       + id                         = (known after apply)
TestTerraformKafkaTopicsExample 2022-08-04T18:49:47Z logger.go:66:       + lint                       = false
TestTerraformKafkaTopicsExample 2022-08-04T18:49:47Z logger.go:66:       + manifest                   = (known after apply)
TestTerraformKafkaTopicsExample 2022-08-04T18:49:47Z logger.go:66:       + max_history                = 0
TestTerraformKafkaTopicsExample 2022-08-04T18:49:47Z logger.go:66:       + metadata                   = (known after apply)
TestTerraformKafkaTopicsExample 2022-08-04T18:49:47Z logger.go:66:       + name                       = "confluent-operator"
TestTerraformKafkaTopicsExample 2022-08-04T18:49:47Z logger.go:66:       + namespace                  = "confluent"
TestTerraformKafkaTopicsExample 2022-08-04T18:49:47Z logger.go:66:       + pass_credentials           = false
TestTerraformKafkaTopicsExample 2022-08-04T18:49:47Z logger.go:66:       + recreate_pods              = false
TestTerraformKafkaTopicsExample 2022-08-04T18:49:47Z logger.go:66:       + render_subchart_notes      = true
TestTerraformKafkaTopicsExample 2022-08-04T18:49:47Z logger.go:66:       + replace                    = false
TestTerraformKafkaTopicsExample 2022-08-04T18:49:47Z logger.go:66:       + repository                 = "https://packages.confluent.io/helm"
TestTerraformKafkaTopicsExample 2022-08-04T18:49:47Z logger.go:66:       + reset_values               = false
TestTerraformKafkaTopicsExample 2022-08-04T18:49:47Z logger.go:66:       + reuse_values               = false
TestTerraformKafkaTopicsExample 2022-08-04T18:49:47Z logger.go:66:       + skip_crds                  = false
TestTerraformKafkaTopicsExample 2022-08-04T18:49:47Z logger.go:66:       + status                     = "deployed"
TestTerraformKafkaTopicsExample 2022-08-04T18:49:47Z logger.go:66:       + timeout                    = 300
TestTerraformKafkaTopicsExample 2022-08-04T18:49:47Z logger.go:66:       + values                     = []
TestTerraformKafkaTopicsExample 2022-08-04T18:49:47Z logger.go:66:       + verify                     = false
TestTerraformKafkaTopicsExample 2022-08-04T18:49:47Z logger.go:66:       + version                    = "0.517.23"
TestTerraformKafkaTopicsExample 2022-08-04T18:49:47Z logger.go:66:       + wait                       = true
TestTerraformKafkaTopicsExample 2022-08-04T18:49:47Z logger.go:66:       + wait_for_jobs              = true
TestTerraformKafkaTopicsExample 2022-08-04T18:49:47Z logger.go:66:     }
TestTerraformKafkaTopicsExample 2022-08-04T18:49:47Z logger.go:66:
TestTerraformKafkaTopicsExample 2022-08-04T18:49:47Z logger.go:66:   # module.confluent_platform.module.confluent_operator[0].kubernetes_namespace_v1.namespace[0] will be created
TestTerraformKafkaTopicsExample 2022-08-04T18:49:47Z logger.go:66:   + resource "kubernetes_namespace_v1" "namespace" {
TestTerraformKafkaTopicsExample 2022-08-04T18:49:47Z logger.go:66:       + id = (known after apply)
TestTerraformKafkaTopicsExample 2022-08-04T18:49:47Z logger.go:66:
TestTerraformKafkaTopicsExample 2022-08-04T18:49:47Z logger.go:66:       + metadata {
TestTerraformKafkaTopicsExample 2022-08-04T18:49:47Z logger.go:66:           + generation       = (known after apply)
TestTerraformKafkaTopicsExample 2022-08-04T18:49:47Z logger.go:66:           + name             = "confluent"
TestTerraformKafkaTopicsExample 2022-08-04T18:49:47Z logger.go:66:           + resource_version = (known after apply)
TestTerraformKafkaTopicsExample 2022-08-04T18:49:47Z logger.go:66:           + uid              = (known after apply)
TestTerraformKafkaTopicsExample 2022-08-04T18:49:47Z logger.go:66:         }
TestTerraformKafkaTopicsExample 2022-08-04T18:49:47Z logger.go:66:     }
TestTerraformKafkaTopicsExample 2022-08-04T18:49:47Z logger.go:66:
TestTerraformKafkaTopicsExample 2022-08-04T18:49:47Z logger.go:66: Plan: 6 to add, 0 to change, 0 to destroy.
TestTerraformKafkaTopicsExample 2022-08-04T18:49:47Z logger.go:66:
TestTerraformKafkaTopicsExample 2022-08-04T18:49:47Z logger.go:66: Changes to Outputs:
TestTerraformKafkaTopicsExample 2022-08-04T18:49:47Z logger.go:66:   + kafka_topic       = (known after apply)
TestTerraformKafkaTopicsExample 2022-08-04T18:49:47Z logger.go:66:   + other_kafka_topic = (known after apply)
TestTerraformKafkaTopicsExample 2022-08-04T18:49:48Z logger.go:66: module.confluent_platform.module.confluent_operator[0].kubernetes_namespace_v1.namespace[0]: Creating...
TestTerraformKafkaTopicsExample 2022-08-04T18:49:48Z logger.go:66: module.confluent_platform.module.confluent_operator[0].kubernetes_namespace_v1.namespace[0]: Creation complete after 0s [id=confluent]
TestTerraformKafkaTopicsExample 2022-08-04T18:49:49Z logger.go:66: module.confluent_platform.module.confluent_operator[0].helm_release.confluent_operator[0]: Creating...
TestTerraformKafkaTopicsExample 2022-08-04T18:49:55Z logger.go:66: module.confluent_platform.module.confluent_operator[0].helm_release.confluent_operator[0]: Creation complete after 6s [id=confluent-operator]
TestTerraformKafkaTopicsExample 2022-08-04T18:49:57Z logger.go:66: module.confluent_platform.kubernetes_manifest.components["zookeeper"]: Creating...
TestTerraformKafkaTopicsExample 2022-08-04T18:49:57Z logger.go:66: module.confluent_platform.kubernetes_manifest.components["kafka"]: Creating...
TestTerraformKafkaTopicsExample 2022-08-04T18:50:07Z logger.go:66: module.confluent_platform.kubernetes_manifest.components["zookeeper"]: Still creating... [10s elapsed]
TestTerraformKafkaTopicsExample 2022-08-04T18:50:07Z logger.go:66: module.confluent_platform.kubernetes_manifest.components["kafka"]: Still creating... [10s elapsed]
TestTerraformKafkaTopicsExample 2022-08-04T18:50:17Z logger.go:66: module.confluent_platform.kubernetes_manifest.components["zookeeper"]: Still creating... [20s elapsed]
TestTerraformKafkaTopicsExample 2022-08-04T18:50:17Z logger.go:66: module.confluent_platform.kubernetes_manifest.components["kafka"]: Still creating... [20s elapsed]
TestTerraformKafkaTopicsExample 2022-08-04T18:50:27Z logger.go:66: module.confluent_platform.kubernetes_manifest.components["zookeeper"]: Still creating... [30s elapsed]
TestTerraformKafkaTopicsExample 2022-08-04T18:50:27Z logger.go:66: module.confluent_platform.kubernetes_manifest.components["kafka"]: Still creating... [30s elapsed]
TestTerraformKafkaTopicsExample 2022-08-04T18:50:37Z logger.go:66: module.confluent_platform.kubernetes_manifest.components["zookeeper"]: Still creating... [40s elapsed]
TestTerraformKafkaTopicsExample 2022-08-04T18:50:37Z logger.go:66: module.confluent_platform.kubernetes_manifest.components["kafka"]: Still creating... [40s elapsed]
TestTerraformKafkaTopicsExample 2022-08-04T18:50:41Z logger.go:66: module.confluent_platform.kubernetes_manifest.components["zookeeper"]: Creation complete after 45s
TestTerraformKafkaTopicsExample 2022-08-04T18:50:47Z logger.go:66: module.confluent_platform.kubernetes_manifest.components["kafka"]: Still creating... [49s elapsed]
TestTerraformKafkaTopicsExample 2022-08-04T18:50:57Z logger.go:66: module.confluent_platform.kubernetes_manifest.components["kafka"]: Still creating... [59s elapsed]
TestTerraformKafkaTopicsExample 2022-08-04T18:51:07Z logger.go:66: module.confluent_platform.kubernetes_manifest.components["kafka"]: Still creating... [1m9s elapsed]
TestTerraformKafkaTopicsExample 2022-08-04T18:51:17Z logger.go:66: module.confluent_platform.kubernetes_manifest.components["kafka"]: Still creating... [1m19s elapsed]
TestTerraformKafkaTopicsExample 2022-08-04T18:51:26Z logger.go:66: module.confluent_platform.kubernetes_manifest.components["kafka"]: Creation complete after 1m29s
TestTerraformKafkaTopicsExample 2022-08-04T18:51:26Z logger.go:66: module.confluent_platform.data.kubernetes_resource.components["kafka"]: Reading...
TestTerraformKafkaTopicsExample 2022-08-04T18:51:26Z logger.go:66: module.confluent_platform.data.kubernetes_resource.components["zookeeper"]: Reading...
TestTerraformKafkaTopicsExample 2022-08-04T18:51:28Z logger.go:66: module.confluent_platform.data.kubernetes_resource.components["zookeeper"]: Read complete after 1s
TestTerraformKafkaTopicsExample 2022-08-04T18:51:28Z logger.go:66: module.confluent_platform.data.kubernetes_resource.components["kafka"]: Read complete after 1s
TestTerraformKafkaTopicsExample 2022-08-04T18:51:28Z logger.go:66: module.kafka_topic.kubernetes_manifest.topic: Creating...
TestTerraformKafkaTopicsExample 2022-08-04T18:51:28Z logger.go:66: module.other_kafka_topic.kubernetes_manifest.topic: Creating...
TestTerraformKafkaTopicsExample 2022-08-04T18:51:30Z logger.go:66: module.kafka_topic.kubernetes_manifest.topic: Creation complete after 2s
TestTerraformKafkaTopicsExample 2022-08-04T18:51:30Z logger.go:66: module.kafka_topic.data.kubernetes_resource.topic: Reading...
TestTerraformKafkaTopicsExample 2022-08-04T18:51:30Z logger.go:66: module.other_kafka_topic.kubernetes_manifest.topic: Creation complete after 2s
TestTerraformKafkaTopicsExample 2022-08-04T18:51:30Z logger.go:66: module.other_kafka_topic.data.kubernetes_resource.topic: Reading...
TestTerraformKafkaTopicsExample 2022-08-04T18:51:31Z logger.go:66: module.kafka_topic.data.kubernetes_resource.topic: Read complete after 0s
TestTerraformKafkaTopicsExample 2022-08-04T18:51:31Z logger.go:66: module.other_kafka_topic.data.kubernetes_resource.topic: Read complete after 0s
TestTerraformKafkaTopicsExample 2022-08-04T18:51:31Z logger.go:66:
TestTerraformKafkaTopicsExample 2022-08-04T18:51:31Z logger.go:66: Apply complete! Resources: 6 added, 0 changed, 0 destroyed.
TestTerraformKafkaTopicsExample 2022-08-04T18:51:31Z logger.go:66:
TestTerraformKafkaTopicsExample 2022-08-04T18:51:31Z logger.go:66: Outputs:
TestTerraformKafkaTopicsExample 2022-08-04T18:51:31Z logger.go:66:
TestTerraformKafkaTopicsExample 2022-08-04T18:51:31Z logger.go:66: kafka_topic = {
TestTerraformKafkaTopicsExample 2022-08-04T18:51:31Z logger.go:66:   "configs" = tomap({
TestTerraformKafkaTopicsExample 2022-08-04T18:51:31Z logger.go:66:     "cleanup.policy" = "delete"
TestTerraformKafkaTopicsExample 2022-08-04T18:51:31Z logger.go:66:   })
TestTerraformKafkaTopicsExample 2022-08-04T18:51:31Z logger.go:66:   "kafkaClusterRef" = {
TestTerraformKafkaTopicsExample 2022-08-04T18:51:31Z logger.go:66:     "name" = tostring(null)
TestTerraformKafkaTopicsExample 2022-08-04T18:51:31Z logger.go:66:     "namespace" = tostring(null)
TestTerraformKafkaTopicsExample 2022-08-04T18:51:31Z logger.go:66:   }
TestTerraformKafkaTopicsExample 2022-08-04T18:51:31Z logger.go:66:   "kafkaRest" = {
TestTerraformKafkaTopicsExample 2022-08-04T18:51:31Z logger.go:66:     "authentication" = {
TestTerraformKafkaTopicsExample 2022-08-04T18:51:31Z logger.go:66:       "basic" = {
TestTerraformKafkaTopicsExample 2022-08-04T18:51:31Z logger.go:66:         "debug" = tobool(null)
TestTerraformKafkaTopicsExample 2022-08-04T18:51:31Z logger.go:66:         "directoryPathInContainer" = tostring(null)
TestTerraformKafkaTopicsExample 2022-08-04T18:51:31Z logger.go:66:         "restrictedRoles" = tolist(null) /* of string */
TestTerraformKafkaTopicsExample 2022-08-04T18:51:31Z logger.go:66:         "roles" = tolist(null) /* of string */
TestTerraformKafkaTopicsExample 2022-08-04T18:51:31Z logger.go:66:         "secretRef" = tostring(null)
TestTerraformKafkaTopicsExample 2022-08-04T18:51:31Z logger.go:66:       }
TestTerraformKafkaTopicsExample 2022-08-04T18:51:31Z logger.go:66:       "bearer" = {
TestTerraformKafkaTopicsExample 2022-08-04T18:51:31Z logger.go:66:         "directoryPathInContainer" = tostring(null)
TestTerraformKafkaTopicsExample 2022-08-04T18:51:31Z logger.go:66:         "secretRef" = tostring(null)
TestTerraformKafkaTopicsExample 2022-08-04T18:51:31Z logger.go:66:       }
TestTerraformKafkaTopicsExample 2022-08-04T18:51:31Z logger.go:66:       "type" = tostring(null)
TestTerraformKafkaTopicsExample 2022-08-04T18:51:31Z logger.go:66:     }
TestTerraformKafkaTopicsExample 2022-08-04T18:51:31Z logger.go:66:     "endpoint" = tostring(null)
TestTerraformKafkaTopicsExample 2022-08-04T18:51:31Z logger.go:66:     "kafkaClusterID" = tostring(null)
TestTerraformKafkaTopicsExample 2022-08-04T18:51:31Z logger.go:66:     "tls" = {
TestTerraformKafkaTopicsExample 2022-08-04T18:51:31Z logger.go:66:       "directoryPathInContainer" = tostring(null)
TestTerraformKafkaTopicsExample 2022-08-04T18:51:31Z logger.go:66:       "jksPassword" = {
TestTerraformKafkaTopicsExample 2022-08-04T18:51:31Z logger.go:66:         "secretRef" = tostring(null)
TestTerraformKafkaTopicsExample 2022-08-04T18:51:31Z logger.go:66:       }
TestTerraformKafkaTopicsExample 2022-08-04T18:51:31Z logger.go:66:       "secretRef" = tostring(null)
TestTerraformKafkaTopicsExample 2022-08-04T18:51:31Z logger.go:66:     }
TestTerraformKafkaTopicsExample 2022-08-04T18:51:31Z logger.go:66:   }
TestTerraformKafkaTopicsExample 2022-08-04T18:51:31Z logger.go:66:   "kafkaRestClassRef" = {
TestTerraformKafkaTopicsExample 2022-08-04T18:51:31Z logger.go:66:     "name" = tostring(null)
TestTerraformKafkaTopicsExample 2022-08-04T18:51:31Z logger.go:66:     "namespace" = tostring(null)
TestTerraformKafkaTopicsExample 2022-08-04T18:51:31Z logger.go:66:   }
TestTerraformKafkaTopicsExample 2022-08-04T18:51:31Z logger.go:66:   "name" = tostring(null)
TestTerraformKafkaTopicsExample 2022-08-04T18:51:31Z logger.go:66:   "partitionCount" = 3
TestTerraformKafkaTopicsExample 2022-08-04T18:51:31Z logger.go:66:   "replicas" = 3
TestTerraformKafkaTopicsExample 2022-08-04T18:51:31Z logger.go:66: }
TestTerraformKafkaTopicsExample 2022-08-04T18:51:31Z logger.go:66: other_kafka_topic = {
TestTerraformKafkaTopicsExample 2022-08-04T18:51:31Z logger.go:66:   "configs" = tomap({
TestTerraformKafkaTopicsExample 2022-08-04T18:51:31Z logger.go:66:     "cleanup.policy" = "compact"
TestTerraformKafkaTopicsExample 2022-08-04T18:51:31Z logger.go:66:   })
TestTerraformKafkaTopicsExample 2022-08-04T18:51:31Z logger.go:66:   "kafkaClusterRef" = {
TestTerraformKafkaTopicsExample 2022-08-04T18:51:31Z logger.go:66:     "name" = tostring(null)
TestTerraformKafkaTopicsExample 2022-08-04T18:51:31Z logger.go:66:     "namespace" = tostring(null)
TestTerraformKafkaTopicsExample 2022-08-04T18:51:31Z logger.go:66:   }
TestTerraformKafkaTopicsExample 2022-08-04T18:51:31Z logger.go:66:   "kafkaRest" = {
TestTerraformKafkaTopicsExample 2022-08-04T18:51:31Z logger.go:66:     "authentication" = {
TestTerraformKafkaTopicsExample 2022-08-04T18:51:31Z logger.go:66:       "basic" = {
TestTerraformKafkaTopicsExample 2022-08-04T18:51:31Z logger.go:66:         "debug" = tobool(null)
TestTerraformKafkaTopicsExample 2022-08-04T18:51:31Z logger.go:66:         "directoryPathInContainer" = tostring(null)
TestTerraformKafkaTopicsExample 2022-08-04T18:51:31Z logger.go:66:         "restrictedRoles" = tolist(null) /* of string */
TestTerraformKafkaTopicsExample 2022-08-04T18:51:31Z logger.go:66:         "roles" = tolist(null) /* of string */
TestTerraformKafkaTopicsExample 2022-08-04T18:51:31Z logger.go:66:         "secretRef" = tostring(null)
TestTerraformKafkaTopicsExample 2022-08-04T18:51:31Z logger.go:66:       }
TestTerraformKafkaTopicsExample 2022-08-04T18:51:31Z logger.go:66:       "bearer" = {
TestTerraformKafkaTopicsExample 2022-08-04T18:51:31Z logger.go:66:         "directoryPathInContainer" = tostring(null)
TestTerraformKafkaTopicsExample 2022-08-04T18:51:31Z logger.go:66:         "secretRef" = tostring(null)
TestTerraformKafkaTopicsExample 2022-08-04T18:51:31Z logger.go:66:       }
TestTerraformKafkaTopicsExample 2022-08-04T18:51:31Z logger.go:66:       "type" = tostring(null)
TestTerraformKafkaTopicsExample 2022-08-04T18:51:31Z logger.go:66:     }
TestTerraformKafkaTopicsExample 2022-08-04T18:51:31Z logger.go:66:     "endpoint" = "http://kafka.confluent.svc.cluster.local:8090"
TestTerraformKafkaTopicsExample 2022-08-04T18:51:31Z logger.go:66:     "kafkaClusterID" = tostring(null)
TestTerraformKafkaTopicsExample 2022-08-04T18:51:31Z logger.go:66:     "tls" = {
TestTerraformKafkaTopicsExample 2022-08-04T18:51:31Z logger.go:66:       "directoryPathInContainer" = tostring(null)
TestTerraformKafkaTopicsExample 2022-08-04T18:51:31Z logger.go:66:       "jksPassword" = {
TestTerraformKafkaTopicsExample 2022-08-04T18:51:31Z logger.go:66:         "secretRef" = tostring(null)
TestTerraformKafkaTopicsExample 2022-08-04T18:51:31Z logger.go:66:       }
TestTerraformKafkaTopicsExample 2022-08-04T18:51:31Z logger.go:66:       "secretRef" = tostring(null)
TestTerraformKafkaTopicsExample 2022-08-04T18:51:31Z logger.go:66:     }
TestTerraformKafkaTopicsExample 2022-08-04T18:51:31Z logger.go:66:   }
TestTerraformKafkaTopicsExample 2022-08-04T18:51:31Z logger.go:66:   "kafkaRestClassRef" = {
TestTerraformKafkaTopicsExample 2022-08-04T18:51:31Z logger.go:66:     "name" = tostring(null)
TestTerraformKafkaTopicsExample 2022-08-04T18:51:31Z logger.go:66:     "namespace" = tostring(null)
TestTerraformKafkaTopicsExample 2022-08-04T18:51:31Z logger.go:66:   }
TestTerraformKafkaTopicsExample 2022-08-04T18:51:31Z logger.go:66:   "name" = tostring(null)
TestTerraformKafkaTopicsExample 2022-08-04T18:51:31Z logger.go:66:   "partitionCount" = 4
TestTerraformKafkaTopicsExample 2022-08-04T18:51:31Z logger.go:66:   "replicas" = 3
TestTerraformKafkaTopicsExample 2022-08-04T18:51:31Z logger.go:66: }
TestTerraformKafkaTopicsExample 2022-08-04T18:51:31Z retry.go:91: terraform [output -no-color -json kafka_topic]
TestTerraformKafkaTopicsExample 2022-08-04T18:51:31Z logger.go:66: Running command terraform with args [output -no-color -json kafka_topic]
TestTerraformKafkaTopicsExample 2022-08-04T18:51:31Z logger.go:66: {"configs":{"cleanup.policy":"delete"},"kafkaClusterRef":{"name":null,"namespace":null},"kafkaRest":{"authentication":{"basic":{"debug":null,"directoryPathInContainer":null,"restrictedRoles":null,"roles":null,"secretRef":null},"bearer":{"directoryPathInContainer":null,"secretRef":null},"type":null},"endpoint":null,"kafkaClusterID":null,"tls":{"directoryPathInContainer":null,"jksPassword":{"secretRef":null},"secretRef":null}},"kafkaRestClassRef":{"name":null,"namespace":null},"name":null,"partitionCount":3,"replicas":3}
TestTerraformKafkaTopicsExample 2022-08-04T18:51:31Z retry.go:91: terraform [output -no-color -json other_kafka_topic]
TestTerraformKafkaTopicsExample 2022-08-04T18:51:31Z logger.go:66: Running command terraform with args [output -no-color -json other_kafka_topic]
TestTerraformKafkaTopicsExample 2022-08-04T18:51:32Z logger.go:66: {"configs":{"cleanup.policy":"compact"},"kafkaClusterRef":{"name":null,"namespace":null},"kafkaRest":{"authentication":{"basic":{"debug":null,"directoryPathInContainer":null,"restrictedRoles":null,"roles":null,"secretRef":null},"bearer":{"directoryPathInContainer":null,"secretRef":null},"type":null},"endpoint":"http://kafka.confluent.svc.cluster.local:8090","kafkaClusterID":null,"tls":{"directoryPathInContainer":null,"jksPassword":{"secretRef":null},"secretRef":null}},"kafkaRestClassRef":{"name":null,"namespace":null},"name":null,"partitionCount":4,"replicas":3}
TestTerraformKafkaTopicsExample 2022-08-04T18:51:32Z retry.go:91: terraform [destroy -auto-approve -input=false -no-color -lock=false]
TestTerraformKafkaTopicsExample 2022-08-04T18:51:32Z logger.go:66: Running command terraform with args [destroy -auto-approve -input=false -no-color -lock=false]
TestTerraformKafkaTopicsExample 2022-08-04T18:51:36Z logger.go:66: module.confluent_platform.module.confluent_operator[0].kubernetes_namespace_v1.namespace[0]: Refreshing state... [id=confluent]
TestTerraformKafkaTopicsExample 2022-08-04T18:51:36Z logger.go:66: module.confluent_platform.module.confluent_operator[0].helm_release.confluent_operator[0]: Refreshing state... [id=confluent-operator]
TestTerraformKafkaTopicsExample 2022-08-04T18:51:39Z logger.go:66: module.confluent_platform.kubernetes_manifest.components["zookeeper"]: Refreshing state...
TestTerraformKafkaTopicsExample 2022-08-04T18:51:39Z logger.go:66: module.confluent_platform.kubernetes_manifest.components["kafka"]: Refreshing state...
TestTerraformKafkaTopicsExample 2022-08-04T18:51:40Z logger.go:66: module.confluent_platform.data.kubernetes_resource.components["zookeeper"]: Reading...
TestTerraformKafkaTopicsExample 2022-08-04T18:51:40Z logger.go:66: module.confluent_platform.data.kubernetes_resource.components["kafka"]: Reading...
TestTerraformKafkaTopicsExample 2022-08-04T18:51:41Z logger.go:66: module.confluent_platform.data.kubernetes_resource.components["zookeeper"]: Read complete after 0s
TestTerraformKafkaTopicsExample 2022-08-04T18:51:41Z logger.go:66: module.confluent_platform.data.kubernetes_resource.components["kafka"]: Read complete after 0s
TestTerraformKafkaTopicsExample 2022-08-04T18:51:42Z logger.go:66: module.other_kafka_topic.kubernetes_manifest.topic: Refreshing state...
TestTerraformKafkaTopicsExample 2022-08-04T18:51:42Z logger.go:66: module.kafka_topic.kubernetes_manifest.topic: Refreshing state...
TestTerraformKafkaTopicsExample 2022-08-04T18:51:42Z logger.go:66: module.other_kafka_topic.data.kubernetes_resource.topic: Reading...
TestTerraformKafkaTopicsExample 2022-08-04T18:51:42Z logger.go:66: module.kafka_topic.data.kubernetes_resource.topic: Reading...
TestTerraformKafkaTopicsExample 2022-08-04T18:51:43Z logger.go:66: module.other_kafka_topic.data.kubernetes_resource.topic: Read complete after 0s
TestTerraformKafkaTopicsExample 2022-08-04T18:51:43Z logger.go:66: module.kafka_topic.data.kubernetes_resource.topic: Read complete after 0s
TestTerraformKafkaTopicsExample 2022-08-04T18:51:44Z logger.go:66:
TestTerraformKafkaTopicsExample 2022-08-04T18:51:44Z logger.go:66: Terraform used the selected providers to generate the following execution
TestTerraformKafkaTopicsExample 2022-08-04T18:51:44Z logger.go:66: plan. Resource actions are indicated with the following symbols:
TestTerraformKafkaTopicsExample 2022-08-04T18:51:44Z logger.go:66:   - destroy
TestTerraformKafkaTopicsExample 2022-08-04T18:51:44Z logger.go:66:
TestTerraformKafkaTopicsExample 2022-08-04T18:51:44Z logger.go:66: Terraform will perform the following actions:
TestTerraformKafkaTopicsExample 2022-08-04T18:51:44Z logger.go:66:
TestTerraformKafkaTopicsExample 2022-08-04T18:51:44Z logger.go:66:   # module.confluent_platform.kubernetes_manifest.components["kafka"] will be destroyed
TestTerraformKafkaTopicsExample 2022-08-04T18:51:44Z logger.go:66:   - resource "kubernetes_manifest" "components" {
TestTerraformKafkaTopicsExample 2022-08-04T18:51:44Z logger.go:66:       - computed_fields = [
TestTerraformKafkaTopicsExample 2022-08-04T18:51:44Z logger.go:66:           - "metadata.finalizers",
TestTerraformKafkaTopicsExample 2022-08-04T18:51:44Z logger.go:66:         ] -> null
TestTerraformKafkaTopicsExample 2022-08-04T18:51:44Z logger.go:66:       - manifest        = {
TestTerraformKafkaTopicsExample 2022-08-04T18:51:44Z logger.go:66:           - apiVersion = "platform.confluent.io/v1beta1"
TestTerraformKafkaTopicsExample 2022-08-04T18:51:44Z logger.go:66:           - kind       = "Kafka"
TestTerraformKafkaTopicsExample 2022-08-04T18:51:44Z logger.go:66:           - metadata   = {
TestTerraformKafkaTopicsExample 2022-08-04T18:51:44Z logger.go:66:               - name      = "kafka"
TestTerraformKafkaTopicsExample 2022-08-04T18:51:44Z logger.go:66:               - namespace = "confluent"
TestTerraformKafkaTopicsExample 2022-08-04T18:51:44Z logger.go:66:             }
TestTerraformKafkaTopicsExample 2022-08-04T18:51:44Z logger.go:66:           - spec       = {
TestTerraformKafkaTopicsExample 2022-08-04T18:51:44Z logger.go:66:               - dataVolumeCapacity = "10Gi"
TestTerraformKafkaTopicsExample 2022-08-04T18:51:44Z logger.go:66:               - image              = {
TestTerraformKafkaTopicsExample 2022-08-04T18:51:44Z logger.go:66:                   - application = "confluentinc/cp-server:7.2.0"
TestTerraformKafkaTopicsExample 2022-08-04T18:51:44Z logger.go:66:                   - init        = "confluentinc/confluent-init-container:2.4.0"
TestTerraformKafkaTopicsExample 2022-08-04T18:51:44Z logger.go:66:                 }
TestTerraformKafkaTopicsExample 2022-08-04T18:51:44Z logger.go:66:               - metricReporter     = {
TestTerraformKafkaTopicsExample 2022-08-04T18:51:44Z logger.go:66:                   - enabled = true
TestTerraformKafkaTopicsExample 2022-08-04T18:51:44Z logger.go:66:                 }
TestTerraformKafkaTopicsExample 2022-08-04T18:51:44Z logger.go:66:               - replicas           = 3
TestTerraformKafkaTopicsExample 2022-08-04T18:51:44Z logger.go:66:             }
TestTerraformKafkaTopicsExample 2022-08-04T18:51:44Z logger.go:66:         } -> null
TestTerraformKafkaTopicsExample 2022-08-04T18:51:44Z logger.go:66:       - object          = {
TestTerraformKafkaTopicsExample 2022-08-04T18:51:44Z logger.go:66:           - apiVersion = "platform.confluent.io/v1beta1"
TestTerraformKafkaTopicsExample 2022-08-04T18:51:44Z logger.go:66:           - kind       = "Kafka"
TestTerraformKafkaTopicsExample 2022-08-04T18:51:44Z logger.go:66:           - metadata   = {
TestTerraformKafkaTopicsExample 2022-08-04T18:51:44Z logger.go:66:               - annotations                = {
TestTerraformKafkaTopicsExample 2022-08-04T18:51:44Z logger.go:66:                   - "platform.confluent.io/config-revision-hash"   = "t2bgf92bkh"
TestTerraformKafkaTopicsExample 2022-08-04T18:51:44Z logger.go:66:                   - "platform.confluent.io/last-pod-template-hash" = "c5dd99557"
TestTerraformKafkaTopicsExample 2022-08-04T18:51:44Z logger.go:66:                 }
TestTerraformKafkaTopicsExample 2022-08-04T18:51:44Z logger.go:66:               - clusterName                = null
TestTerraformKafkaTopicsExample 2022-08-04T18:51:44Z logger.go:66:               - creationTimestamp          = null
TestTerraformKafkaTopicsExample 2022-08-04T18:51:44Z logger.go:66:               - deletionGracePeriodSeconds = null
TestTerraformKafkaTopicsExample 2022-08-04T18:51:44Z logger.go:66:               - deletionTimestamp          = null
TestTerraformKafkaTopicsExample 2022-08-04T18:51:44Z logger.go:66:               - finalizers                 = [
TestTerraformKafkaTopicsExample 2022-08-04T18:51:44Z logger.go:66:                   - "kafka.finalizers.platform.confluent.io",
TestTerraformKafkaTopicsExample 2022-08-04T18:51:44Z logger.go:66:                 ]
TestTerraformKafkaTopicsExample 2022-08-04T18:51:44Z logger.go:66:               - generateName               = null
TestTerraformKafkaTopicsExample 2022-08-04T18:51:44Z logger.go:66:               - generation                 = null
TestTerraformKafkaTopicsExample 2022-08-04T18:51:44Z logger.go:66:               - labels                     = null
TestTerraformKafkaTopicsExample 2022-08-04T18:51:44Z logger.go:66:               - managedFields              = null
TestTerraformKafkaTopicsExample 2022-08-04T18:51:44Z logger.go:66:               - name                       = "kafka"
TestTerraformKafkaTopicsExample 2022-08-04T18:51:44Z logger.go:66:               - namespace                  = "confluent"
TestTerraformKafkaTopicsExample 2022-08-04T18:51:44Z logger.go:66:               - ownerReferences            = null
TestTerraformKafkaTopicsExample 2022-08-04T18:51:44Z logger.go:66:               - resourceVersion            = null
TestTerraformKafkaTopicsExample 2022-08-04T18:51:44Z logger.go:66:               - selfLink                   = null
TestTerraformKafkaTopicsExample 2022-08-04T18:51:44Z logger.go:66:               - uid                        = null
TestTerraformKafkaTopicsExample 2022-08-04T18:51:44Z logger.go:66:             }
TestTerraformKafkaTopicsExample 2022-08-04T18:51:44Z logger.go:66:           - spec       = {
TestTerraformKafkaTopicsExample 2022-08-04T18:51:44Z logger.go:66:               - authorization      = {
TestTerraformKafkaTopicsExample 2022-08-04T18:51:44Z logger.go:66:                   - superUsers = null
TestTerraformKafkaTopicsExample 2022-08-04T18:51:44Z logger.go:66:                   - type       = null
TestTerraformKafkaTopicsExample 2022-08-04T18:51:44Z logger.go:66:                 }
TestTerraformKafkaTopicsExample 2022-08-04T18:51:44Z logger.go:66:               - configOverrides    = {
TestTerraformKafkaTopicsExample 2022-08-04T18:51:44Z logger.go:66:                   - jvm    = null
TestTerraformKafkaTopicsExample 2022-08-04T18:51:44Z logger.go:66:                   - log4j  = null
TestTerraformKafkaTopicsExample 2022-08-04T18:51:44Z logger.go:66:                   - server = null
TestTerraformKafkaTopicsExample 2022-08-04T18:51:44Z logger.go:66:                 }
TestTerraformKafkaTopicsExample 2022-08-04T18:51:44Z logger.go:66:               - dataVolumeCapacity = "10Gi"
TestTerraformKafkaTopicsExample 2022-08-04T18:51:44Z logger.go:66:               - dependencies       = {
TestTerraformKafkaTopicsExample 2022-08-04T18:51:44Z logger.go:66:                   - kafkaRest      = {
TestTerraformKafkaTopicsExample 2022-08-04T18:51:44Z logger.go:66:                       - authentication    = {
TestTerraformKafkaTopicsExample 2022-08-04T18:51:44Z logger.go:66:                           - bearer                = {
TestTerraformKafkaTopicsExample 2022-08-04T18:51:44Z logger.go:66:                               - directoryPathInContainer = null
TestTerraformKafkaTopicsExample 2022-08-04T18:51:44Z logger.go:66:                               - secretRef                = null
TestTerraformKafkaTopicsExample 2022-08-04T18:51:44Z logger.go:66:                             }
TestTerraformKafkaTopicsExample 2022-08-04T18:51:44Z logger.go:66:                           - jaasConfig            = {
TestTerraformKafkaTopicsExample 2022-08-04T18:51:44Z logger.go:66:                               - secretRef = null
TestTerraformKafkaTopicsExample 2022-08-04T18:51:44Z logger.go:66:                             }
TestTerraformKafkaTopicsExample 2022-08-04T18:51:44Z logger.go:66:                           - jaasConfigPassThrough = {
TestTerraformKafkaTopicsExample 2022-08-04T18:51:44Z logger.go:66:                               - directoryPathInContainer = null
TestTerraformKafkaTopicsExample 2022-08-04T18:51:44Z logger.go:66:                               - secretRef                = null
TestTerraformKafkaTopicsExample 2022-08-04T18:51:44Z logger.go:66:                             }
TestTerraformKafkaTopicsExample 2022-08-04T18:51:44Z logger.go:66:                           - oauthbearer           = {
TestTerraformKafkaTopicsExample 2022-08-04T18:51:44Z logger.go:66:                               - directoryPathInContainer = null
TestTerraformKafkaTopicsExample 2022-08-04T18:51:44Z logger.go:66:                               - secretRef                = null
TestTerraformKafkaTopicsExample 2022-08-04T18:51:44Z logger.go:66:                             }
TestTerraformKafkaTopicsExample 2022-08-04T18:51:44Z logger.go:66:                           - type                  = null
TestTerraformKafkaTopicsExample 2022-08-04T18:51:44Z logger.go:66:                         }
TestTerraformKafkaTopicsExample 2022-08-04T18:51:44Z logger.go:66:                       - bootstrapEndpoint = null
TestTerraformKafkaTopicsExample 2022-08-04T18:51:44Z logger.go:66:                       - endpoint          = null
TestTerraformKafkaTopicsExample 2022-08-04T18:51:44Z logger.go:66:                       - tls               = {
TestTerraformKafkaTopicsExample 2022-08-04T18:51:44Z logger.go:66:                           - directoryPathInContainer = null
TestTerraformKafkaTopicsExample 2022-08-04T18:51:44Z logger.go:66:                           - enabled                  = null
TestTerraformKafkaTopicsExample 2022-08-04T18:51:44Z logger.go:66:                           - ignoreTrustStoreConfig   = null
TestTerraformKafkaTopicsExample 2022-08-04T18:51:44Z logger.go:66:                           - jksPassword              = {
TestTerraformKafkaTopicsExample 2022-08-04T18:51:44Z logger.go:66:                               - secretRef = null
TestTerraformKafkaTopicsExample 2022-08-04T18:51:44Z logger.go:66:                             }
TestTerraformKafkaTopicsExample 2022-08-04T18:51:44Z logger.go:66:                           - secretRef                = null
TestTerraformKafkaTopicsExample 2022-08-04T18:51:44Z logger.go:66:                         }
TestTerraformKafkaTopicsExample 2022-08-04T18:51:44Z logger.go:66:                     }
TestTerraformKafkaTopicsExample 2022-08-04T18:51:44Z logger.go:66:                   - mds            = {
TestTerraformKafkaTopicsExample 2022-08-04T18:51:44Z logger.go:66:                       - endpoint     = null
TestTerraformKafkaTopicsExample 2022-08-04T18:51:44Z logger.go:66:                       - kafka        = {
TestTerraformKafkaTopicsExample 2022-08-04T18:51:44Z logger.go:66:                           - authentication    = {
TestTerraformKafkaTopicsExample 2022-08-04T18:51:44Z logger.go:66:                               - jaasConfig            = {
TestTerraformKafkaTopicsExample 2022-08-04T18:51:44Z logger.go:66:                                   - secretRef = null
TestTerraformKafkaTopicsExample 2022-08-04T18:51:44Z logger.go:66:                                 }
TestTerraformKafkaTopicsExample 2022-08-04T18:51:44Z logger.go:66:                               - jaasConfigPassThrough = {
TestTerraformKafkaTopicsExample 2022-08-04T18:51:44Z logger.go:66:                                   - directoryPathInContainer = null
TestTerraformKafkaTopicsExample 2022-08-04T18:51:44Z logger.go:66:                                   - secretRef                = null
TestTerraformKafkaTopicsExample 2022-08-04T18:51:44Z logger.go:66:                                 }
TestTerraformKafkaTopicsExample 2022-08-04T18:51:44Z logger.go:66:                               - oauthbearer           = {
TestTerraformKafkaTopicsExample 2022-08-04T18:51:44Z logger.go:66:                                   - directoryPathInContainer = null
TestTerraformKafkaTopicsExample 2022-08-04T18:51:44Z logger.go:66:                                   - secretRef                = null
TestTerraformKafkaTopicsExample 2022-08-04T18:51:44Z logger.go:66:                                 }
TestTerraformKafkaTopicsExample 2022-08-04T18:51:44Z logger.go:66:                               - type                  = null
TestTerraformKafkaTopicsExample 2022-08-04T18:51:44Z logger.go:66:                             }
TestTerraformKafkaTopicsExample 2022-08-04T18:51:44Z logger.go:66:                           - bootstrapEndpoint = null
TestTerraformKafkaTopicsExample 2022-08-04T18:51:44Z logger.go:66:                           - discovery         = {
TestTerraformKafkaTopicsExample 2022-08-04T18:51:44Z logger.go:66:                               - name      = null
TestTerraformKafkaTopicsExample 2022-08-04T18:51:44Z logger.go:66:                               - namespace = null
TestTerraformKafkaTopicsExample 2022-08-04T18:51:44Z logger.go:66:                               - secretRef = null
TestTerraformKafkaTopicsExample 2022-08-04T18:51:44Z logger.go:66:                             }
TestTerraformKafkaTopicsExample 2022-08-04T18:51:44Z logger.go:66:                           - tls               = {
TestTerraformKafkaTopicsExample 2022-08-04T18:51:44Z logger.go:66:                               - directoryPathInContainer = null
TestTerraformKafkaTopicsExample 2022-08-04T18:51:44Z logger.go:66:                               - enabled                  = null
TestTerraformKafkaTopicsExample 2022-08-04T18:51:44Z logger.go:66:                               - ignoreTrustStoreConfig   = null
TestTerraformKafkaTopicsExample 2022-08-04T18:51:44Z logger.go:66:                               - jksPassword              = {
TestTerraformKafkaTopicsExample 2022-08-04T18:51:44Z logger.go:66:                                   - secretRef = null
TestTerraformKafkaTopicsExample 2022-08-04T18:51:44Z logger.go:66:                                 }
TestTerraformKafkaTopicsExample 2022-08-04T18:51:44Z logger.go:66:                               - secretRef                = null
TestTerraformKafkaTopicsExample 2022-08-04T18:51:44Z logger.go:66:                             }
TestTerraformKafkaTopicsExample 2022-08-04T18:51:44Z logger.go:66:                         }
TestTerraformKafkaTopicsExample 2022-08-04T18:51:44Z logger.go:66:                       - tls          = {
TestTerraformKafkaTopicsExample 2022-08-04T18:51:44Z logger.go:66:                           - directoryPathInContainer = null
TestTerraformKafkaTopicsExample 2022-08-04T18:51:44Z logger.go:66:                           - enabled                  = null
TestTerraformKafkaTopicsExample 2022-08-04T18:51:44Z logger.go:66:                           - ignoreTrustStoreConfig   = null
TestTerraformKafkaTopicsExample 2022-08-04T18:51:44Z logger.go:66:                           - jksPassword              = {
TestTerraformKafkaTopicsExample 2022-08-04T18:51:44Z logger.go:66:                               - secretRef = null
TestTerraformKafkaTopicsExample 2022-08-04T18:51:44Z logger.go:66:                             }
TestTerraformKafkaTopicsExample 2022-08-04T18:51:44Z logger.go:66:                           - secretRef                = null
TestTerraformKafkaTopicsExample 2022-08-04T18:51:44Z logger.go:66:                         }
TestTerraformKafkaTopicsExample 2022-08-04T18:51:44Z logger.go:66:                       - tokenKeyPair = {
TestTerraformKafkaTopicsExample 2022-08-04T18:51:44Z logger.go:66:                           - directoryPathInContainer = null
TestTerraformKafkaTopicsExample 2022-08-04T18:51:44Z logger.go:66:                           - secretRef                = null
TestTerraformKafkaTopicsExample 2022-08-04T18:51:44Z logger.go:66:                         }
TestTerraformKafkaTopicsExample 2022-08-04T18:51:44Z logger.go:66:                     }
TestTerraformKafkaTopicsExample 2022-08-04T18:51:44Z logger.go:66:                   - schemaRegistry = {
TestTerraformKafkaTopicsExample 2022-08-04T18:51:44Z logger.go:66:                       - authentication = {
TestTerraformKafkaTopicsExample 2022-08-04T18:51:44Z logger.go:66:                           - basic = {
TestTerraformKafkaTopicsExample 2022-08-04T18:51:44Z logger.go:66:                               - debug                    = null
TestTerraformKafkaTopicsExample 2022-08-04T18:51:44Z logger.go:66:                               - directoryPathInContainer = null
TestTerraformKafkaTopicsExample 2022-08-04T18:51:44Z logger.go:66:                               - restrictedRoles          = null
TestTerraformKafkaTopicsExample 2022-08-04T18:51:44Z logger.go:66:                               - roles                    = null
TestTerraformKafkaTopicsExample 2022-08-04T18:51:44Z logger.go:66:                               - secretRef                = null
TestTerraformKafkaTopicsExample 2022-08-04T18:51:44Z logger.go:66:                             }
TestTerraformKafkaTopicsExample 2022-08-04T18:51:44Z logger.go:66:                           - type  = null
TestTerraformKafkaTopicsExample 2022-08-04T18:51:44Z logger.go:66:                         }
TestTerraformKafkaTopicsExample 2022-08-04T18:51:44Z logger.go:66:                       - tls            = {
TestTerraformKafkaTopicsExample 2022-08-04T18:51:44Z logger.go:66:                           - directoryPathInContainer = null
TestTerraformKafkaTopicsExample 2022-08-04T18:51:44Z logger.go:66:                           - enabled                  = null
TestTerraformKafkaTopicsExample 2022-08-04T18:51:44Z logger.go:66:                           - ignoreTrustStoreConfig   = null
TestTerraformKafkaTopicsExample 2022-08-04T18:51:44Z logger.go:66:                           - jksPassword              = {
TestTerraformKafkaTopicsExample 2022-08-04T18:51:44Z logger.go:66:                               - secretRef = null
TestTerraformKafkaTopicsExample 2022-08-04T18:51:44Z logger.go:66:                             }
TestTerraformKafkaTopicsExample 2022-08-04T18:51:44Z logger.go:66:                           - secretRef                = null
TestTerraformKafkaTopicsExample 2022-08-04T18:51:44Z logger.go:66:                         }
TestTerraformKafkaTopicsExample 2022-08-04T18:51:44Z logger.go:66:                       - url            = null
TestTerraformKafkaTopicsExample 2022-08-04T18:51:44Z logger.go:66:                     }
TestTerraformKafkaTopicsExample 2022-08-04T18:51:44Z logger.go:66:                   - zookeeper      = {
TestTerraformKafkaTopicsExample 2022-08-04T18:51:44Z logger.go:66:                       - authentication = {
TestTerraformKafkaTopicsExample 2022-08-04T18:51:44Z logger.go:66:                           - jaasConfig            = {
TestTerraformKafkaTopicsExample 2022-08-04T18:51:44Z logger.go:66:                               - secretRef = null
TestTerraformKafkaTopicsExample 2022-08-04T18:51:44Z logger.go:66:                             }
TestTerraformKafkaTopicsExample 2022-08-04T18:51:44Z logger.go:66:                           - jaasConfigPassThrough = {
TestTerraformKafkaTopicsExample 2022-08-04T18:51:44Z logger.go:66:                               - directoryPathInContainer = null
TestTerraformKafkaTopicsExample 2022-08-04T18:51:44Z logger.go:66:                               - secretRef                = null
TestTerraformKafkaTopicsExample 2022-08-04T18:51:44Z logger.go:66:                             }
TestTerraformKafkaTopicsExample 2022-08-04T18:51:44Z logger.go:66:                           - oauthbearer           = {
TestTerraformKafkaTopicsExample 2022-08-04T18:51:44Z logger.go:66:                               - directoryPathInContainer = null
TestTerraformKafkaTopicsExample 2022-08-04T18:51:44Z logger.go:66:                               - secretRef                = null
TestTerraformKafkaTopicsExample 2022-08-04T18:51:44Z logger.go:66:                             }
TestTerraformKafkaTopicsExample 2022-08-04T18:51:44Z logger.go:66:                           - type                  = null
TestTerraformKafkaTopicsExample 2022-08-04T18:51:44Z logger.go:66:                         }
TestTerraformKafkaTopicsExample 2022-08-04T18:51:44Z logger.go:66:                       - discovery      = {
TestTerraformKafkaTopicsExample 2022-08-04T18:51:44Z logger.go:66:                           - name      = null
TestTerraformKafkaTopicsExample 2022-08-04T18:51:44Z logger.go:66:                           - namespace = null
TestTerraformKafkaTopicsExample 2022-08-04T18:51:44Z logger.go:66:                           - secretRef = null
TestTerraformKafkaTopicsExample 2022-08-04T18:51:44Z logger.go:66:                         }
TestTerraformKafkaTopicsExample 2022-08-04T18:51:44Z logger.go:66:                       - endpoint       = null
TestTerraformKafkaTopicsExample 2022-08-04T18:51:44Z logger.go:66:                       - tls            = {
TestTerraformKafkaTopicsExample 2022-08-04T18:51:44Z logger.go:66:                           - directoryPathInContainer = null
TestTerraformKafkaTopicsExample 2022-08-04T18:51:44Z logger.go:66:                           - enabled                  = null
TestTerraformKafkaTopicsExample 2022-08-04T18:51:44Z logger.go:66:                           - ignoreTrustStoreConfig   = null
TestTerraformKafkaTopicsExample 2022-08-04T18:51:44Z logger.go:66:                           - jksPassword              = {
TestTerraformKafkaTopicsExample 2022-08-04T18:51:44Z logger.go:66:                               - secretRef = null
TestTerraformKafkaTopicsExample 2022-08-04T18:51:44Z logger.go:66:                             }
TestTerraformKafkaTopicsExample 2022-08-04T18:51:44Z logger.go:66:                           - secretRef                = null
TestTerraformKafkaTopicsExample 2022-08-04T18:51:44Z logger.go:66:                         }
TestTerraformKafkaTopicsExample 2022-08-04T18:51:44Z logger.go:66:                     }
TestTerraformKafkaTopicsExample 2022-08-04T18:51:44Z logger.go:66:                 }
TestTerraformKafkaTopicsExample 2022-08-04T18:51:44Z logger.go:66:               - headlessService    = {
TestTerraformKafkaTopicsExample 2022-08-04T18:51:44Z logger.go:66:                   - annotations              = null
TestTerraformKafkaTopicsExample 2022-08-04T18:51:44Z logger.go:66:                   - labels                   = null
TestTerraformKafkaTopicsExample 2022-08-04T18:51:44Z logger.go:66:                   - publishNotReadyAddresses = null
TestTerraformKafkaTopicsExample 2022-08-04T18:51:44Z logger.go:66:                 }
TestTerraformKafkaTopicsExample 2022-08-04T18:51:44Z logger.go:66:               - identityProvider   = {
TestTerraformKafkaTopicsExample 2022-08-04T18:51:44Z logger.go:66:                   - ldap = {
TestTerraformKafkaTopicsExample 2022-08-04T18:51:44Z logger.go:66:                       - address        = null
TestTerraformKafkaTopicsExample 2022-08-04T18:51:44Z logger.go:66:                       - authentication = {
TestTerraformKafkaTopicsExample 2022-08-04T18:51:44Z logger.go:66:                           - simple = {
TestTerraformKafkaTopicsExample 2022-08-04T18:51:44Z logger.go:66:                               - directoryPathInContainer = null
TestTerraformKafkaTopicsExample 2022-08-04T18:51:44Z logger.go:66:                               - secretRef                = null
TestTerraformKafkaTopicsExample 2022-08-04T18:51:44Z logger.go:66:                             }
TestTerraformKafkaTopicsExample 2022-08-04T18:51:44Z logger.go:66:                           - type   = null
TestTerraformKafkaTopicsExample 2022-08-04T18:51:44Z logger.go:66:                         }
TestTerraformKafkaTopicsExample 2022-08-04T18:51:44Z logger.go:66:                       - configurations = {
TestTerraformKafkaTopicsExample 2022-08-04T18:51:44Z logger.go:66:                           - groupMemberAttribute         = null
TestTerraformKafkaTopicsExample 2022-08-04T18:51:44Z logger.go:66:                           - groupMemberAttributePattern  = null
TestTerraformKafkaTopicsExample 2022-08-04T18:51:44Z logger.go:66:                           - groupNameAttribute           = null
TestTerraformKafkaTopicsExample 2022-08-04T18:51:44Z logger.go:66:                           - groupObjectClass             = null
TestTerraformKafkaTopicsExample 2022-08-04T18:51:44Z logger.go:66:                           - groupSearchBase              = null
TestTerraformKafkaTopicsExample 2022-08-04T18:51:44Z logger.go:66:                           - groupSearchFilter            = null
TestTerraformKafkaTopicsExample 2022-08-04T18:51:44Z logger.go:66:                           - groupSearchScope             = null
TestTerraformKafkaTopicsExample 2022-08-04T18:51:44Z logger.go:66:                           - userMemberOfAttributePattern = null
TestTerraformKafkaTopicsExample 2022-08-04T18:51:44Z logger.go:66:                           - userNameAttribute            = null
TestTerraformKafkaTopicsExample 2022-08-04T18:51:44Z logger.go:66:                           - userObjectClass              = null
TestTerraformKafkaTopicsExample 2022-08-04T18:51:44Z logger.go:66:                           - userSearchBase               = null
TestTerraformKafkaTopicsExample 2022-08-04T18:51:44Z logger.go:66:                           - userSearchFilter             = null
TestTerraformKafkaTopicsExample 2022-08-04T18:51:44Z logger.go:66:                           - userSearchScope              = null
TestTerraformKafkaTopicsExample 2022-08-04T18:51:44Z logger.go:66:                         }
TestTerraformKafkaTopicsExample 2022-08-04T18:51:44Z logger.go:66:                       - tls            = {
TestTerraformKafkaTopicsExample 2022-08-04T18:51:44Z logger.go:66:                           - directoryPathInContainer = null
TestTerraformKafkaTopicsExample 2022-08-04T18:51:44Z logger.go:66:                           - enabled                  = null
TestTerraformKafkaTopicsExample 2022-08-04T18:51:44Z logger.go:66:                           - ignoreTrustStoreConfig   = null
TestTerraformKafkaTopicsExample 2022-08-04T18:51:44Z logger.go:66:                           - jksPassword              = {
TestTerraformKafkaTopicsExample 2022-08-04T18:51:44Z logger.go:66:                               - secretRef = null
TestTerraformKafkaTopicsExample 2022-08-04T18:51:44Z logger.go:66:                             }
TestTerraformKafkaTopicsExample 2022-08-04T18:51:44Z logger.go:66:                           - secretRef                = null
TestTerraformKafkaTopicsExample 2022-08-04T18:51:44Z logger.go:66:                         }
TestTerraformKafkaTopicsExample 2022-08-04T18:51:44Z logger.go:66:                     }
TestTerraformKafkaTopicsExample 2022-08-04T18:51:44Z logger.go:66:                   - type = null
TestTerraformKafkaTopicsExample 2022-08-04T18:51:44Z logger.go:66:                 }
TestTerraformKafkaTopicsExample 2022-08-04T18:51:44Z logger.go:66:               - image              = {
TestTerraformKafkaTopicsExample 2022-08-04T18:51:44Z logger.go:66:                   - application   = "confluentinc/cp-server:7.2.0"
TestTerraformKafkaTopicsExample 2022-08-04T18:51:44Z logger.go:66:                   - init          = "confluentinc/confluent-init-container:2.4.0"
TestTerraformKafkaTopicsExample 2022-08-04T18:51:44Z logger.go:66:                   - pullPolicy    = null
TestTerraformKafkaTopicsExample 2022-08-04T18:51:44Z logger.go:66:                   - pullSecretRef = null
TestTerraformKafkaTopicsExample 2022-08-04T18:51:44Z logger.go:66:                 }
TestTerraformKafkaTopicsExample 2022-08-04T18:51:44Z logger.go:66:               - injectAnnotations  = null
TestTerraformKafkaTopicsExample 2022-08-04T18:51:44Z logger.go:66:               - injectLabels       = null
TestTerraformKafkaTopicsExample 2022-08-04T18:51:44Z logger.go:66:               - k8sClusterDomain   = null
TestTerraformKafkaTopicsExample 2022-08-04T18:51:44Z logger.go:66:               - license            = {
TestTerraformKafkaTopicsExample 2022-08-04T18:51:44Z logger.go:66:                   - directoryPathInContainer = null
TestTerraformKafkaTopicsExample 2022-08-04T18:51:44Z logger.go:66:                   - globalLicense            = null
TestTerraformKafkaTopicsExample 2022-08-04T18:51:44Z logger.go:66:                   - secretRef                = null
TestTerraformKafkaTopicsExample 2022-08-04T18:51:44Z logger.go:66:                 }
TestTerraformKafkaTopicsExample 2022-08-04T18:51:44Z logger.go:66:               - listeners          = {
TestTerraformKafkaTopicsExample 2022-08-04T18:51:44Z logger.go:66:                   - custom   = null
TestTerraformKafkaTopicsExample 2022-08-04T18:51:44Z logger.go:66:                   - external = {
TestTerraformKafkaTopicsExample 2022-08-04T18:51:44Z logger.go:66:                       - authentication = {
TestTerraformKafkaTopicsExample 2022-08-04T18:51:44Z logger.go:66:                           - jaasConfig            = {
TestTerraformKafkaTopicsExample 2022-08-04T18:51:44Z logger.go:66:                               - secretRef = null
TestTerraformKafkaTopicsExample 2022-08-04T18:51:44Z logger.go:66:                             }
TestTerraformKafkaTopicsExample 2022-08-04T18:51:44Z logger.go:66:                           - jaasConfigPassThrough = {
TestTerraformKafkaTopicsExample 2022-08-04T18:51:44Z logger.go:66:                               - directoryPathInContainer = null
TestTerraformKafkaTopicsExample 2022-08-04T18:51:44Z logger.go:66:                               - secretRef                = null
TestTerraformKafkaTopicsExample 2022-08-04T18:51:44Z logger.go:66:                             }
TestTerraformKafkaTopicsExample 2022-08-04T18:51:44Z logger.go:66:                           - principalMappingRules = null
TestTerraformKafkaTopicsExample 2022-08-04T18:51:44Z logger.go:66:                           - type                  = null
TestTerraformKafkaTopicsExample 2022-08-04T18:51:44Z logger.go:66:                         }
TestTerraformKafkaTopicsExample 2022-08-04T18:51:44Z logger.go:66:                       - externalAccess = {
TestTerraformKafkaTopicsExample 2022-08-04T18:51:44Z logger.go:66:                           - loadBalancer              = {
TestTerraformKafkaTopicsExample 2022-08-04T18:51:44Z logger.go:66:                               - advertisedPort           = null
TestTerraformKafkaTopicsExample 2022-08-04T18:51:44Z logger.go:66:                               - annotations              = null
TestTerraformKafkaTopicsExample 2022-08-04T18:51:44Z logger.go:66:                               - bootstrapPrefix          = null
TestTerraformKafkaTopicsExample 2022-08-04T18:51:44Z logger.go:66:                               - brokerPrefix             = null
TestTerraformKafkaTopicsExample 2022-08-04T18:51:44Z logger.go:66:                               - domain                   = null
TestTerraformKafkaTopicsExample 2022-08-04T18:51:44Z logger.go:66:                               - externalTrafficPolicy    = null
TestTerraformKafkaTopicsExample 2022-08-04T18:51:44Z logger.go:66:                               - labels                   = null
TestTerraformKafkaTopicsExample 2022-08-04T18:51:44Z logger.go:66:                               - loadBalancerSourceRanges = null
TestTerraformKafkaTopicsExample 2022-08-04T18:51:44Z logger.go:66:                               - servicePorts             = null
TestTerraformKafkaTopicsExample 2022-08-04T18:51:44Z logger.go:66:                               - sessionAffinity          = null
TestTerraformKafkaTopicsExample 2022-08-04T18:51:44Z logger.go:66:                               - sessionAffinityConfig    = {
TestTerraformKafkaTopicsExample 2022-08-04T18:51:44Z logger.go:66:                                   - clientIP = {
TestTerraformKafkaTopicsExample 2022-08-04T18:51:44Z logger.go:66:                                       - timeoutSeconds = null
TestTerraformKafkaTopicsExample 2022-08-04T18:51:44Z logger.go:66:                                     }
TestTerraformKafkaTopicsExample 2022-08-04T18:51:44Z logger.go:66:                                 }
TestTerraformKafkaTopicsExample 2022-08-04T18:51:44Z logger.go:66:                             }
TestTerraformKafkaTopicsExample 2022-08-04T18:51:44Z logger.go:66:                           - nodePort                  = {
TestTerraformKafkaTopicsExample 2022-08-04T18:51:44Z logger.go:66:                               - advertisedURL         = {
TestTerraformKafkaTopicsExample 2022-08-04T18:51:44Z logger.go:66:                                   - enabled = null
TestTerraformKafkaTopicsExample 2022-08-04T18:51:44Z logger.go:66:                                   - prefix  = null
TestTerraformKafkaTopicsExample 2022-08-04T18:51:44Z logger.go:66:                                 }
TestTerraformKafkaTopicsExample 2022-08-04T18:51:44Z logger.go:66:                               - annotations           = null
TestTerraformKafkaTopicsExample 2022-08-04T18:51:44Z logger.go:66:                               - externalTrafficPolicy = null
TestTerraformKafkaTopicsExample 2022-08-04T18:51:44Z logger.go:66:                               - host                  = null
TestTerraformKafkaTopicsExample 2022-08-04T18:51:44Z logger.go:66:                               - labels                = null
TestTerraformKafkaTopicsExample 2022-08-04T18:51:44Z logger.go:66:                               - nodePortOffset        = null
TestTerraformKafkaTopicsExample 2022-08-04T18:51:44Z logger.go:66:                               - servicePorts          = null
TestTerraformKafkaTopicsExample 2022-08-04T18:51:44Z logger.go:66:                               - sessionAffinity       = null
TestTerraformKafkaTopicsExample 2022-08-04T18:51:44Z logger.go:66:                               - sessionAffinityConfig = {
TestTerraformKafkaTopicsExample 2022-08-04T18:51:44Z logger.go:66:                                   - clientIP = {
TestTerraformKafkaTopicsExample 2022-08-04T18:51:44Z logger.go:66:                                       - timeoutSeconds = null
TestTerraformKafkaTopicsExample 2022-08-04T18:51:44Z logger.go:66:                                     }
TestTerraformKafkaTopicsExample 2022-08-04T18:51:44Z logger.go:66:                                 }
TestTerraformKafkaTopicsExample 2022-08-04T18:51:44Z logger.go:66:                             }
TestTerraformKafkaTopicsExample 2022-08-04T18:51:44Z logger.go:66:                           - route                     = {
TestTerraformKafkaTopicsExample 2022-08-04T18:51:44Z logger.go:66:                               - annotations     = null
TestTerraformKafkaTopicsExample 2022-08-04T18:51:44Z logger.go:66:                               - bootstrapPrefix = null
TestTerraformKafkaTopicsExample 2022-08-04T18:51:44Z logger.go:66:                               - brokerPrefix    = null
TestTerraformKafkaTopicsExample 2022-08-04T18:51:44Z logger.go:66:                               - domain          = null
TestTerraformKafkaTopicsExample 2022-08-04T18:51:44Z logger.go:66:                               - labels          = null
TestTerraformKafkaTopicsExample 2022-08-04T18:51:44Z logger.go:66:                               - wildcardPolicy  = null
TestTerraformKafkaTopicsExample 2022-08-04T18:51:44Z logger.go:66:                             }
TestTerraformKafkaTopicsExample 2022-08-04T18:51:44Z logger.go:66:                           - staticForHostBasedRouting = {
TestTerraformKafkaTopicsExample 2022-08-04T18:51:44Z logger.go:66:                               - brokerPrefix = null
TestTerraformKafkaTopicsExample 2022-08-04T18:51:44Z logger.go:66:                               - domain       = null
TestTerraformKafkaTopicsExample 2022-08-04T18:51:44Z logger.go:66:                               - port         = null
TestTerraformKafkaTopicsExample 2022-08-04T18:51:44Z logger.go:66:                             }
TestTerraformKafkaTopicsExample 2022-08-04T18:51:44Z logger.go:66:                           - staticForPortBasedRouting = {
TestTerraformKafkaTopicsExample 2022-08-04T18:51:44Z logger.go:66:                               - host       = null
TestTerraformKafkaTopicsExample 2022-08-04T18:51:44Z logger.go:66:                               - portOffset = null
TestTerraformKafkaTopicsExample 2022-08-04T18:51:44Z logger.go:66:                             }
TestTerraformKafkaTopicsExample 2022-08-04T18:51:44Z logger.go:66:                           - type                      = null
TestTerraformKafkaTopicsExample 2022-08-04T18:51:44Z logger.go:66:                         }
TestTerraformKafkaTopicsExample 2022-08-04T18:51:44Z logger.go:66:                       - tls            = {
TestTerraformKafkaTopicsExample 2022-08-04T18:51:44Z logger.go:66:                           - directoryPathInContainer = null
TestTerraformKafkaTopicsExample 2022-08-04T18:51:44Z logger.go:66:                           - enabled                  = null
TestTerraformKafkaTopicsExample 2022-08-04T18:51:44Z logger.go:66:                           - ignoreTrustStoreConfig   = null
TestTerraformKafkaTopicsExample 2022-08-04T18:51:44Z logger.go:66:                           - jksPassword              = {
TestTerraformKafkaTopicsExample 2022-08-04T18:51:44Z logger.go:66:                               - secretRef = null
TestTerraformKafkaTopicsExample 2022-08-04T18:51:44Z logger.go:66:                             }
TestTerraformKafkaTopicsExample 2022-08-04T18:51:44Z logger.go:66:                           - secretRef                = null
TestTerraformKafkaTopicsExample 2022-08-04T18:51:44Z logger.go:66:                         }
TestTerraformKafkaTopicsExample 2022-08-04T18:51:44Z logger.go:66:                     }
TestTerraformKafkaTopicsExample 2022-08-04T18:51:44Z logger.go:66:                   - internal = {
TestTerraformKafkaTopicsExample 2022-08-04T18:51:44Z logger.go:66:                       - authentication = {
TestTerraformKafkaTopicsExample 2022-08-04T18:51:44Z logger.go:66:                           - jaasConfig            = {
TestTerraformKafkaTopicsExample 2022-08-04T18:51:44Z logger.go:66:                               - secretRef = null
TestTerraformKafkaTopicsExample 2022-08-04T18:51:44Z logger.go:66:                             }
TestTerraformKafkaTopicsExample 2022-08-04T18:51:44Z logger.go:66:                           - jaasConfigPassThrough = {
TestTerraformKafkaTopicsExample 2022-08-04T18:51:44Z logger.go:66:                               - directoryPathInContainer = null
TestTerraformKafkaTopicsExample 2022-08-04T18:51:44Z logger.go:66:                               - secretRef                = null
TestTerraformKafkaTopicsExample 2022-08-04T18:51:44Z logger.go:66:                             }
TestTerraformKafkaTopicsExample 2022-08-04T18:51:44Z logger.go:66:                           - principalMappingRules = null
TestTerraformKafkaTopicsExample 2022-08-04T18:51:44Z logger.go:66:                           - type                  = null
TestTerraformKafkaTopicsExample 2022-08-04T18:51:44Z logger.go:66:                         }
TestTerraformKafkaTopicsExample 2022-08-04T18:51:44Z logger.go:66:                       - tls            = {
TestTerraformKafkaTopicsExample 2022-08-04T18:51:44Z logger.go:66:                           - directoryPathInContainer = null
TestTerraformKafkaTopicsExample 2022-08-04T18:51:44Z logger.go:66:                           - enabled                  = null
TestTerraformKafkaTopicsExample 2022-08-04T18:51:44Z logger.go:66:                           - ignoreTrustStoreConfig   = null
TestTerraformKafkaTopicsExample 2022-08-04T18:51:44Z logger.go:66:                           - jksPassword              = {
TestTerraformKafkaTopicsExample 2022-08-04T18:51:44Z logger.go:66:                               - secretRef = null
TestTerraformKafkaTopicsExample 2022-08-04T18:51:44Z logger.go:66:                             }
TestTerraformKafkaTopicsExample 2022-08-04T18:51:44Z logger.go:66:                           - secretRef                = null
TestTerraformKafkaTopicsExample 2022-08-04T18:51:44Z logger.go:66:                         }
TestTerraformKafkaTopicsExample 2022-08-04T18:51:44Z logger.go:66:                     }
TestTerraformKafkaTopicsExample 2022-08-04T18:51:44Z logger.go:66:                 }
TestTerraformKafkaTopicsExample 2022-08-04T18:51:44Z logger.go:66:               - metricReporter     = {
TestTerraformKafkaTopicsExample 2022-08-04T18:51:44Z logger.go:66:                   - authentication    = {
TestTerraformKafkaTopicsExample 2022-08-04T18:51:44Z logger.go:66:                       - jaasConfig            = {
TestTerraformKafkaTopicsExample 2022-08-04T18:51:44Z logger.go:66:                           - secretRef = null
TestTerraformKafkaTopicsExample 2022-08-04T18:51:44Z logger.go:66:                         }
TestTerraformKafkaTopicsExample 2022-08-04T18:51:44Z logger.go:66:                       - jaasConfigPassThrough = {
TestTerraformKafkaTopicsExample 2022-08-04T18:51:44Z logger.go:66:                           - directoryPathInContainer = null
TestTerraformKafkaTopicsExample 2022-08-04T18:51:44Z logger.go:66:                           - secretRef                = null
TestTerraformKafkaTopicsExample 2022-08-04T18:51:44Z logger.go:66:                         }
TestTerraformKafkaTopicsExample 2022-08-04T18:51:44Z logger.go:66:                       - oauthbearer           = {
TestTerraformKafkaTopicsExample 2022-08-04T18:51:44Z logger.go:66:                           - directoryPathInContainer = null
TestTerraformKafkaTopicsExample 2022-08-04T18:51:44Z logger.go:66:                           - secretRef                = null
TestTerraformKafkaTopicsExample 2022-08-04T18:51:44Z logger.go:66:                         }
TestTerraformKafkaTopicsExample 2022-08-04T18:51:44Z logger.go:66:                       - type                  = null
TestTerraformKafkaTopicsExample 2022-08-04T18:51:44Z logger.go:66:                     }
TestTerraformKafkaTopicsExample 2022-08-04T18:51:44Z logger.go:66:                   - bootstrapEndpoint = null
TestTerraformKafkaTopicsExample 2022-08-04T18:51:44Z logger.go:66:                   - enabled           = true
TestTerraformKafkaTopicsExample 2022-08-04T18:51:44Z logger.go:66:                   - replicationFactor = null
TestTerraformKafkaTopicsExample 2022-08-04T18:51:44Z logger.go:66:                   - tls               = {
TestTerraformKafkaTopicsExample 2022-08-04T18:51:44Z logger.go:66:                       - directoryPathInContainer = null
TestTerraformKafkaTopicsExample 2022-08-04T18:51:44Z logger.go:66:                       - enabled                  = null
TestTerraformKafkaTopicsExample 2022-08-04T18:51:44Z logger.go:66:                       - ignoreTrustStoreConfig   = null
TestTerraformKafkaTopicsExample 2022-08-04T18:51:44Z logger.go:66:                       - jksPassword              = {
TestTerraformKafkaTopicsExample 2022-08-04T18:51:44Z logger.go:66:                           - secretRef = null
TestTerraformKafkaTopicsExample 2022-08-04T18:51:44Z logger.go:66:                         }
TestTerraformKafkaTopicsExample 2022-08-04T18:51:44Z logger.go:66:                       - secretRef                = null
TestTerraformKafkaTopicsExample 2022-08-04T18:51:44Z logger.go:66:                     }
TestTerraformKafkaTopicsExample 2022-08-04T18:51:44Z logger.go:66:                 }
TestTerraformKafkaTopicsExample 2022-08-04T18:51:44Z logger.go:66:               - metrics            = {
TestTerraformKafkaTopicsExample 2022-08-04T18:51:44Z logger.go:66:                   - authentication = {
TestTerraformKafkaTopicsExample 2022-08-04T18:51:44Z logger.go:66:                       - type = null
TestTerraformKafkaTopicsExample 2022-08-04T18:51:44Z logger.go:66:                     }
TestTerraformKafkaTopicsExample 2022-08-04T18:51:44Z logger.go:66:                   - prometheus     = {
TestTerraformKafkaTopicsExample 2022-08-04T18:51:44Z logger.go:66:                       - blacklist = null
TestTerraformKafkaTopicsExample 2022-08-04T18:51:44Z logger.go:66:                       - rules     = null
TestTerraformKafkaTopicsExample 2022-08-04T18:51:44Z logger.go:66:                       - whitelist = null
TestTerraformKafkaTopicsExample 2022-08-04T18:51:44Z logger.go:66:                     }
TestTerraformKafkaTopicsExample 2022-08-04T18:51:44Z logger.go:66:                   - tls            = {
TestTerraformKafkaTopicsExample 2022-08-04T18:51:44Z logger.go:66:                       - directoryPathInContainer = null
TestTerraformKafkaTopicsExample 2022-08-04T18:51:44Z logger.go:66:                       - enabled                  = null
TestTerraformKafkaTopicsExample 2022-08-04T18:51:44Z logger.go:66:                       - ignoreTrustStoreConfig   = null
TestTerraformKafkaTopicsExample 2022-08-04T18:51:44Z logger.go:66:                       - jksPassword              = {
TestTerraformKafkaTopicsExample 2022-08-04T18:51:44Z logger.go:66:                           - secretRef = null
TestTerraformKafkaTopicsExample 2022-08-04T18:51:44Z logger.go:66:                         }
TestTerraformKafkaTopicsExample 2022-08-04T18:51:44Z logger.go:66:                       - secretRef                = null
TestTerraformKafkaTopicsExample 2022-08-04T18:51:44Z logger.go:66:                     }
TestTerraformKafkaTopicsExample 2022-08-04T18:51:44Z logger.go:66:                 }
TestTerraformKafkaTopicsExample 2022-08-04T18:51:44Z logger.go:66:               - mountedSecrets     = null
TestTerraformKafkaTopicsExample 2022-08-04T18:51:44Z logger.go:66:               - mountedVolumes     = {
TestTerraformKafkaTopicsExample 2022-08-04T18:51:44Z logger.go:66:                   - volumeMounts = null
TestTerraformKafkaTopicsExample 2022-08-04T18:51:44Z logger.go:66:                   - volumes      = null
TestTerraformKafkaTopicsExample 2022-08-04T18:51:44Z logger.go:66:                 }
TestTerraformKafkaTopicsExample 2022-08-04T18:51:44Z logger.go:66:               - oneReplicaPerNode  = null
TestTerraformKafkaTopicsExample 2022-08-04T18:51:44Z logger.go:66:               - passwordEncoder    = {
TestTerraformKafkaTopicsExample 2022-08-04T18:51:44Z logger.go:66:                   - directoryPathInContainer = null
TestTerraformKafkaTopicsExample 2022-08-04T18:51:44Z logger.go:66:                   - secretRef                = null
TestTerraformKafkaTopicsExample 2022-08-04T18:51:44Z logger.go:66:                 }
TestTerraformKafkaTopicsExample 2022-08-04T18:51:44Z logger.go:66:               - podTemplate        = {
TestTerraformKafkaTopicsExample 2022-08-04T18:51:44Z logger.go:66:                   - affinity                      = {
TestTerraformKafkaTopicsExample 2022-08-04T18:51:44Z logger.go:66:                       - nodeAffinity    = {
TestTerraformKafkaTopicsExample 2022-08-04T18:51:44Z logger.go:66:                           - preferredDuringSchedulingIgnoredDuringExecution = null
TestTerraformKafkaTopicsExample 2022-08-04T18:51:44Z logger.go:66:                           - requiredDuringSchedulingIgnoredDuringExecution  = {
TestTerraformKafkaTopicsExample 2022-08-04T18:51:44Z logger.go:66:                               - nodeSelectorTerms = null
TestTerraformKafkaTopicsExample 2022-08-04T18:51:44Z logger.go:66:                             }
TestTerraformKafkaTopicsExample 2022-08-04T18:51:44Z logger.go:66:                         }
TestTerraformKafkaTopicsExample 2022-08-04T18:51:44Z logger.go:66:                       - podAffinity     = {
TestTerraformKafkaTopicsExample 2022-08-04T18:51:44Z logger.go:66:                           - preferredDuringSchedulingIgnoredDuringExecution = null
TestTerraformKafkaTopicsExample 2022-08-04T18:51:44Z logger.go:66:                           - requiredDuringSchedulingIgnoredDuringExecution  = null
TestTerraformKafkaTopicsExample 2022-08-04T18:51:44Z logger.go:66:                         }
TestTerraformKafkaTopicsExample 2022-08-04T18:51:44Z logger.go:66:                       - podAntiAffinity = {
TestTerraformKafkaTopicsExample 2022-08-04T18:51:44Z logger.go:66:                           - preferredDuringSchedulingIgnoredDuringExecution = null
TestTerraformKafkaTopicsExample 2022-08-04T18:51:44Z logger.go:66:                           - requiredDuringSchedulingIgnoredDuringExecution  = null
TestTerraformKafkaTopicsExample 2022-08-04T18:51:44Z logger.go:66:                         }
TestTerraformKafkaTopicsExample 2022-08-04T18:51:44Z logger.go:66:                     }
TestTerraformKafkaTopicsExample 2022-08-04T18:51:44Z logger.go:66:                   - annotations                   = null
TestTerraformKafkaTopicsExample 2022-08-04T18:51:44Z logger.go:66:                   - envVars                       = null
TestTerraformKafkaTopicsExample 2022-08-04T18:51:44Z logger.go:66:                   - labels                        = null
TestTerraformKafkaTopicsExample 2022-08-04T18:51:44Z logger.go:66:                   - podSecurityContext            = {
TestTerraformKafkaTopicsExample 2022-08-04T18:51:44Z logger.go:66:                       - fsGroup             = null
TestTerraformKafkaTopicsExample 2022-08-04T18:51:44Z logger.go:66:                       - fsGroupChangePolicy = null
TestTerraformKafkaTopicsExample 2022-08-04T18:51:44Z logger.go:66:                       - runAsGroup          = null
TestTerraformKafkaTopicsExample 2022-08-04T18:51:44Z logger.go:66:                       - runAsNonRoot        = null
TestTerraformKafkaTopicsExample 2022-08-04T18:51:44Z logger.go:66:                       - runAsUser           = null
TestTerraformKafkaTopicsExample 2022-08-04T18:51:44Z logger.go:66:                       - seLinuxOptions      = {
TestTerraformKafkaTopicsExample 2022-08-04T18:51:44Z logger.go:66:                           - level = null
TestTerraformKafkaTopicsExample 2022-08-04T18:51:44Z logger.go:66:                           - role  = null
TestTerraformKafkaTopicsExample 2022-08-04T18:51:44Z logger.go:66:                           - type  = null
TestTerraformKafkaTopicsExample 2022-08-04T18:51:44Z logger.go:66:                           - user  = null
TestTerraformKafkaTopicsExample 2022-08-04T18:51:44Z logger.go:66:                         }
TestTerraformKafkaTopicsExample 2022-08-04T18:51:44Z logger.go:66:                       - seccompProfile      = {
TestTerraformKafkaTopicsExample 2022-08-04T18:51:44Z logger.go:66:                           - localhostProfile = null
TestTerraformKafkaTopicsExample 2022-08-04T18:51:44Z logger.go:66:                           - type             = null
TestTerraformKafkaTopicsExample 2022-08-04T18:51:44Z logger.go:66:                         }
TestTerraformKafkaTopicsExample 2022-08-04T18:51:44Z logger.go:66:                       - supplementalGroups  = null
TestTerraformKafkaTopicsExample 2022-08-04T18:51:44Z logger.go:66:                       - sysctls             = null
TestTerraformKafkaTopicsExample 2022-08-04T18:51:44Z logger.go:66:                       - windowsOptions      = {
TestTerraformKafkaTopicsExample 2022-08-04T18:51:44Z logger.go:66:                           - gmsaCredentialSpec     = null
TestTerraformKafkaTopicsExample 2022-08-04T18:51:44Z logger.go:66:                           - gmsaCredentialSpecName = null
TestTerraformKafkaTopicsExample 2022-08-04T18:51:44Z logger.go:66:                           - hostProcess            = null
TestTerraformKafkaTopicsExample 2022-08-04T18:51:44Z logger.go:66:                           - runAsUserName          = null
TestTerraformKafkaTopicsExample 2022-08-04T18:51:44Z logger.go:66:                         }
TestTerraformKafkaTopicsExample 2022-08-04T18:51:44Z logger.go:66:                     }
TestTerraformKafkaTopicsExample 2022-08-04T18:51:44Z logger.go:66:                   - priorityClassName             = null
TestTerraformKafkaTopicsExample 2022-08-04T18:51:44Z logger.go:66:                   - probe                         = {
TestTerraformKafkaTopicsExample 2022-08-04T18:51:44Z logger.go:66:                       - liveness  = {
TestTerraformKafkaTopicsExample 2022-08-04T18:51:44Z logger.go:66:                           - failureThreshold    = null
TestTerraformKafkaTopicsExample 2022-08-04T18:51:44Z logger.go:66:                           - initialDelaySeconds = null
TestTerraformKafkaTopicsExample 2022-08-04T18:51:44Z logger.go:66:                           - periodSeconds       = null
TestTerraformKafkaTopicsExample 2022-08-04T18:51:44Z logger.go:66:                           - successThreshold    = null
TestTerraformKafkaTopicsExample 2022-08-04T18:51:44Z logger.go:66:                           - timeoutSeconds      = null
TestTerraformKafkaTopicsExample 2022-08-04T18:51:44Z logger.go:66:                         }
TestTerraformKafkaTopicsExample 2022-08-04T18:51:44Z logger.go:66:                       - readiness = {
TestTerraformKafkaTopicsExample 2022-08-04T18:51:44Z logger.go:66:                           - failureThreshold    = null
TestTerraformKafkaTopicsExample 2022-08-04T18:51:44Z logger.go:66:                           - initialDelaySeconds = null
TestTerraformKafkaTopicsExample 2022-08-04T18:51:44Z logger.go:66:                           - periodSeconds       = null
TestTerraformKafkaTopicsExample 2022-08-04T18:51:44Z logger.go:66:                           - successThreshold    = null
TestTerraformKafkaTopicsExample 2022-08-04T18:51:44Z logger.go:66:                           - timeoutSeconds      = null
TestTerraformKafkaTopicsExample 2022-08-04T18:51:44Z logger.go:66:                         }
TestTerraformKafkaTopicsExample 2022-08-04T18:51:44Z logger.go:66:                     }
TestTerraformKafkaTopicsExample 2022-08-04T18:51:44Z logger.go:66:                   - resources                     = {
TestTerraformKafkaTopicsExample 2022-08-04T18:51:44Z logger.go:66:                       - limits   = null
TestTerraformKafkaTopicsExample 2022-08-04T18:51:44Z logger.go:66:                       - requests = null
TestTerraformKafkaTopicsExample 2022-08-04T18:51:44Z logger.go:66:                     }
TestTerraformKafkaTopicsExample 2022-08-04T18:51:44Z logger.go:66:                   - securityContext               = {
TestTerraformKafkaTopicsExample 2022-08-04T18:51:44Z logger.go:66:                       - allowPrivilegeEscalation = null
TestTerraformKafkaTopicsExample 2022-08-04T18:51:44Z logger.go:66:                       - capabilities             = {
TestTerraformKafkaTopicsExample 2022-08-04T18:51:44Z logger.go:66:                           - add  = null
TestTerraformKafkaTopicsExample 2022-08-04T18:51:44Z logger.go:66:                           - drop = null
TestTerraformKafkaTopicsExample 2022-08-04T18:51:44Z logger.go:66:                         }
TestTerraformKafkaTopicsExample 2022-08-04T18:51:44Z logger.go:66:                       - privileged               = null
TestTerraformKafkaTopicsExample 2022-08-04T18:51:44Z logger.go:66:                       - procMount                = null
TestTerraformKafkaTopicsExample 2022-08-04T18:51:44Z logger.go:66:                       - readOnlyRootFilesystem   = null
TestTerraformKafkaTopicsExample 2022-08-04T18:51:44Z logger.go:66:                       - runAsGroup               = null
TestTerraformKafkaTopicsExample 2022-08-04T18:51:44Z logger.go:66:                       - runAsNonRoot             = null
TestTerraformKafkaTopicsExample 2022-08-04T18:51:44Z logger.go:66:                       - runAsUser                = null
TestTerraformKafkaTopicsExample 2022-08-04T18:51:44Z logger.go:66:                       - seLinuxOptions           = {
TestTerraformKafkaTopicsExample 2022-08-04T18:51:44Z logger.go:66:                           - level = null
TestTerraformKafkaTopicsExample 2022-08-04T18:51:44Z logger.go:66:                           - role  = null
TestTerraformKafkaTopicsExample 2022-08-04T18:51:44Z logger.go:66:                           - type  = null
TestTerraformKafkaTopicsExample 2022-08-04T18:51:44Z logger.go:66:                           - user  = null
TestTerraformKafkaTopicsExample 2022-08-04T18:51:44Z logger.go:66:                         }
TestTerraformKafkaTopicsExample 2022-08-04T18:51:44Z logger.go:66:                       - seccompProfile           = {
TestTerraformKafkaTopicsExample 2022-08-04T18:51:44Z logger.go:66:                           - localhostProfile = null
TestTerraformKafkaTopicsExample 2022-08-04T18:51:44Z logger.go:66:                           - type             = null
TestTerraformKafkaTopicsExample 2022-08-04T18:51:44Z logger.go:66:                         }
TestTerraformKafkaTopicsExample 2022-08-04T18:51:44Z logger.go:66:                       - windowsOptions           = {
TestTerraformKafkaTopicsExample 2022-08-04T18:51:44Z logger.go:66:                           - gmsaCredentialSpec     = null
TestTerraformKafkaTopicsExample 2022-08-04T18:51:44Z logger.go:66:                           - gmsaCredentialSpecName = null
TestTerraformKafkaTopicsExample 2022-08-04T18:51:44Z logger.go:66:                           - hostProcess            = null
TestTerraformKafkaTopicsExample 2022-08-04T18:51:44Z logger.go:66:                           - runAsUserName          = null
TestTerraformKafkaTopicsExample 2022-08-04T18:51:44Z logger.go:66:                         }
TestTerraformKafkaTopicsExample 2022-08-04T18:51:44Z logger.go:66:                     }
TestTerraformKafkaTopicsExample 2022-08-04T18:51:44Z logger.go:66:                   - serviceAccountName            = null
TestTerraformKafkaTopicsExample 2022-08-04T18:51:44Z logger.go:66:                   - terminationGracePeriodSeconds = null
TestTerraformKafkaTopicsExample 2022-08-04T18:51:44Z logger.go:66:                   - tolerations                   = null
TestTerraformKafkaTopicsExample 2022-08-04T18:51:44Z logger.go:66:                   - topologySpreadConstraints     = null
TestTerraformKafkaTopicsExample 2022-08-04T18:51:44Z logger.go:66:                 }
TestTerraformKafkaTopicsExample 2022-08-04T18:51:44Z logger.go:66:               - rackAssignment     = {
TestTerraformKafkaTopicsExample 2022-08-04T18:51:44Z logger.go:66:                   - availabilityZoneCount = null
TestTerraformKafkaTopicsExample 2022-08-04T18:51:44Z logger.go:66:                   - nodeLabels            = null
TestTerraformKafkaTopicsExample 2022-08-04T18:51:44Z logger.go:66:                 }
TestTerraformKafkaTopicsExample 2022-08-04T18:51:44Z logger.go:66:               - replicas           = 3
TestTerraformKafkaTopicsExample 2022-08-04T18:51:44Z logger.go:66:               - services           = {
TestTerraformKafkaTopicsExample 2022-08-04T18:51:44Z logger.go:66:                   - kafkaRest = {
TestTerraformKafkaTopicsExample 2022-08-04T18:51:44Z logger.go:66:                       - authentication = {
TestTerraformKafkaTopicsExample 2022-08-04T18:51:44Z logger.go:66:                           - basic = {
TestTerraformKafkaTopicsExample 2022-08-04T18:51:44Z logger.go:66:                               - debug                    = null
TestTerraformKafkaTopicsExample 2022-08-04T18:51:44Z logger.go:66:                               - directoryPathInContainer = null
TestTerraformKafkaTopicsExample 2022-08-04T18:51:44Z logger.go:66:                               - restrictedRoles          = null
TestTerraformKafkaTopicsExample 2022-08-04T18:51:44Z logger.go:66:                               - roles                    = null
TestTerraformKafkaTopicsExample 2022-08-04T18:51:44Z logger.go:66:                               - secretRef                = null
TestTerraformKafkaTopicsExample 2022-08-04T18:51:44Z logger.go:66:                             }
TestTerraformKafkaTopicsExample 2022-08-04T18:51:44Z logger.go:66:                           - type  = null
TestTerraformKafkaTopicsExample 2022-08-04T18:51:44Z logger.go:66:                         }
TestTerraformKafkaTopicsExample 2022-08-04T18:51:44Z logger.go:66:                       - externalAccess = {
TestTerraformKafkaTopicsExample 2022-08-04T18:51:44Z logger.go:66:                           - loadBalancer = {
TestTerraformKafkaTopicsExample 2022-08-04T18:51:44Z logger.go:66:                               - advertisedURL            = {
TestTerraformKafkaTopicsExample 2022-08-04T18:51:44Z logger.go:66:                                   - enabled = null
TestTerraformKafkaTopicsExample 2022-08-04T18:51:44Z logger.go:66:                                   - prefix  = null
TestTerraformKafkaTopicsExample 2022-08-04T18:51:44Z logger.go:66:                                 }
TestTerraformKafkaTopicsExample 2022-08-04T18:51:44Z logger.go:66:                               - annotations              = null
TestTerraformKafkaTopicsExample 2022-08-04T18:51:44Z logger.go:66:                               - domain                   = null
TestTerraformKafkaTopicsExample 2022-08-04T18:51:44Z logger.go:66:                               - externalTrafficPolicy    = null
TestTerraformKafkaTopicsExample 2022-08-04T18:51:44Z logger.go:66:                               - labels                   = null
TestTerraformKafkaTopicsExample 2022-08-04T18:51:44Z logger.go:66:                               - loadBalancerSourceRanges = null
TestTerraformKafkaTopicsExample 2022-08-04T18:51:44Z logger.go:66:                               - port                     = null
TestTerraformKafkaTopicsExample 2022-08-04T18:51:44Z logger.go:66:                               - prefix                   = null
TestTerraformKafkaTopicsExample 2022-08-04T18:51:44Z logger.go:66:                               - servicePorts             = null
TestTerraformKafkaTopicsExample 2022-08-04T18:51:44Z logger.go:66:                               - sessionAffinity          = null
TestTerraformKafkaTopicsExample 2022-08-04T18:51:44Z logger.go:66:                               - sessionAffinityConfig    = {
TestTerraformKafkaTopicsExample 2022-08-04T18:51:44Z logger.go:66:                                   - clientIP = {
TestTerraformKafkaTopicsExample 2022-08-04T18:51:44Z logger.go:66:                                       - timeoutSeconds = null
TestTerraformKafkaTopicsExample 2022-08-04T18:51:44Z logger.go:66:                                     }
TestTerraformKafkaTopicsExample 2022-08-04T18:51:44Z logger.go:66:                                 }
TestTerraformKafkaTopicsExample 2022-08-04T18:51:44Z logger.go:66:                             }
TestTerraformKafkaTopicsExample 2022-08-04T18:51:44Z logger.go:66:                           - nodePort     = {
TestTerraformKafkaTopicsExample 2022-08-04T18:51:44Z logger.go:66:                               - advertisedURL         = {
TestTerraformKafkaTopicsExample 2022-08-04T18:51:44Z logger.go:66:                                   - enabled = null
TestTerraformKafkaTopicsExample 2022-08-04T18:51:44Z logger.go:66:                                   - prefix  = null
TestTerraformKafkaTopicsExample 2022-08-04T18:51:44Z logger.go:66:                                 }
TestTerraformKafkaTopicsExample 2022-08-04T18:51:44Z logger.go:66:                               - annotations           = null
TestTerraformKafkaTopicsExample 2022-08-04T18:51:44Z logger.go:66:                               - externalTrafficPolicy = null
TestTerraformKafkaTopicsExample 2022-08-04T18:51:44Z logger.go:66:                               - host                  = null
TestTerraformKafkaTopicsExample 2022-08-04T18:51:44Z logger.go:66:                               - labels                = null
TestTerraformKafkaTopicsExample 2022-08-04T18:51:44Z logger.go:66:                               - nodePortOffset        = null
TestTerraformKafkaTopicsExample 2022-08-04T18:51:44Z logger.go:66:                               - servicePorts          = null
TestTerraformKafkaTopicsExample 2022-08-04T18:51:44Z logger.go:66:                               - sessionAffinity       = null
TestTerraformKafkaTopicsExample 2022-08-04T18:51:44Z logger.go:66:                               - sessionAffinityConfig = {
TestTerraformKafkaTopicsExample 2022-08-04T18:51:44Z logger.go:66:                                   - clientIP = {
TestTerraformKafkaTopicsExample 2022-08-04T18:51:44Z logger.go:66:                                       - timeoutSeconds = null
TestTerraformKafkaTopicsExample 2022-08-04T18:51:44Z logger.go:66:                                     }
TestTerraformKafkaTopicsExample 2022-08-04T18:51:44Z logger.go:66:                                 }
TestTerraformKafkaTopicsExample 2022-08-04T18:51:44Z logger.go:66:                             }
TestTerraformKafkaTopicsExample 2022-08-04T18:51:44Z logger.go:66:                           - route        = {
TestTerraformKafkaTopicsExample 2022-08-04T18:51:44Z logger.go:66:                               - annotations    = null
TestTerraformKafkaTopicsExample 2022-08-04T18:51:44Z logger.go:66:                               - domain         = null
TestTerraformKafkaTopicsExample 2022-08-04T18:51:44Z logger.go:66:                               - labels         = null
TestTerraformKafkaTopicsExample 2022-08-04T18:51:44Z logger.go:66:                               - prefix         = null
TestTerraformKafkaTopicsExample 2022-08-04T18:51:44Z logger.go:66:                               - wildcardPolicy = null
TestTerraformKafkaTopicsExample 2022-08-04T18:51:44Z logger.go:66:                             }
TestTerraformKafkaTopicsExample 2022-08-04T18:51:44Z logger.go:66:                           - type         = null
TestTerraformKafkaTopicsExample 2022-08-04T18:51:44Z logger.go:66:                         }
TestTerraformKafkaTopicsExample 2022-08-04T18:51:44Z logger.go:66:                       - tls            = {
TestTerraformKafkaTopicsExample 2022-08-04T18:51:44Z logger.go:66:                           - directoryPathInContainer = null
TestTerraformKafkaTopicsExample 2022-08-04T18:51:44Z logger.go:66:                           - enabled                  = null
TestTerraformKafkaTopicsExample 2022-08-04T18:51:44Z logger.go:66:                           - ignoreTrustStoreConfig   = null
TestTerraformKafkaTopicsExample 2022-08-04T18:51:44Z logger.go:66:                           - jksPassword              = {
TestTerraformKafkaTopicsExample 2022-08-04T18:51:44Z logger.go:66:                               - secretRef = null
TestTerraformKafkaTopicsExample 2022-08-04T18:51:44Z logger.go:66:                             }
TestTerraformKafkaTopicsExample 2022-08-04T18:51:44Z logger.go:66:                           - secretRef                = null
TestTerraformKafkaTopicsExample 2022-08-04T18:51:44Z logger.go:66:                         }
TestTerraformKafkaTopicsExample 2022-08-04T18:51:44Z logger.go:66:                     }
TestTerraformKafkaTopicsExample 2022-08-04T18:51:44Z logger.go:66:                   - mds       = {
TestTerraformKafkaTopicsExample 2022-08-04T18:51:44Z logger.go:66:                       - authentication = {
TestTerraformKafkaTopicsExample 2022-08-04T18:51:44Z logger.go:66:                           - type = null
TestTerraformKafkaTopicsExample 2022-08-04T18:51:44Z logger.go:66:                         }
TestTerraformKafkaTopicsExample 2022-08-04T18:51:44Z logger.go:66:                       - externalAccess = {
TestTerraformKafkaTopicsExample 2022-08-04T18:51:44Z logger.go:66:                           - loadBalancer = {
TestTerraformKafkaTopicsExample 2022-08-04T18:51:44Z logger.go:66:                               - advertisedURL            = {
TestTerraformKafkaTopicsExample 2022-08-04T18:51:44Z logger.go:66:                                   - enabled = null
TestTerraformKafkaTopicsExample 2022-08-04T18:51:44Z logger.go:66:                                   - prefix  = null
TestTerraformKafkaTopicsExample 2022-08-04T18:51:44Z logger.go:66:                                 }
TestTerraformKafkaTopicsExample 2022-08-04T18:51:44Z logger.go:66:                               - annotations              = null
TestTerraformKafkaTopicsExample 2022-08-04T18:51:44Z logger.go:66:                               - domain                   = null
TestTerraformKafkaTopicsExample 2022-08-04T18:51:44Z logger.go:66:                               - externalTrafficPolicy    = null
TestTerraformKafkaTopicsExample 2022-08-04T18:51:44Z logger.go:66:                               - labels                   = null
TestTerraformKafkaTopicsExample 2022-08-04T18:51:44Z logger.go:66:                               - loadBalancerSourceRanges = null
TestTerraformKafkaTopicsExample 2022-08-04T18:51:44Z logger.go:66:                               - port                     = null
TestTerraformKafkaTopicsExample 2022-08-04T18:51:44Z logger.go:66:                               - prefix                   = null
TestTerraformKafkaTopicsExample 2022-08-04T18:51:44Z logger.go:66:                               - servicePorts             = null
TestTerraformKafkaTopicsExample 2022-08-04T18:51:44Z logger.go:66:                               - sessionAffinity          = null
TestTerraformKafkaTopicsExample 2022-08-04T18:51:44Z logger.go:66:                               - sessionAffinityConfig    = {
TestTerraformKafkaTopicsExample 2022-08-04T18:51:44Z logger.go:66:                                   - clientIP = {
TestTerraformKafkaTopicsExample 2022-08-04T18:51:44Z logger.go:66:                                       - timeoutSeconds = null
TestTerraformKafkaTopicsExample 2022-08-04T18:51:44Z logger.go:66:                                     }
TestTerraformKafkaTopicsExample 2022-08-04T18:51:44Z logger.go:66:                                 }
TestTerraformKafkaTopicsExample 2022-08-04T18:51:44Z logger.go:66:                             }
TestTerraformKafkaTopicsExample 2022-08-04T18:51:44Z logger.go:66:                           - nodePort     = {
TestTerraformKafkaTopicsExample 2022-08-04T18:51:44Z logger.go:66:                               - advertisedURL         = {
TestTerraformKafkaTopicsExample 2022-08-04T18:51:44Z logger.go:66:                                   - enabled = null
TestTerraformKafkaTopicsExample 2022-08-04T18:51:44Z logger.go:66:                                   - prefix  = null
TestTerraformKafkaTopicsExample 2022-08-04T18:51:44Z logger.go:66:                                 }
TestTerraformKafkaTopicsExample 2022-08-04T18:51:44Z logger.go:66:                               - annotations           = null
TestTerraformKafkaTopicsExample 2022-08-04T18:51:44Z logger.go:66:                               - externalTrafficPolicy = null
TestTerraformKafkaTopicsExample 2022-08-04T18:51:44Z logger.go:66:                               - host                  = null
TestTerraformKafkaTopicsExample 2022-08-04T18:51:44Z logger.go:66:                               - labels                = null
TestTerraformKafkaTopicsExample 2022-08-04T18:51:44Z logger.go:66:                               - nodePortOffset        = null
TestTerraformKafkaTopicsExample 2022-08-04T18:51:44Z logger.go:66:                               - servicePorts          = null
TestTerraformKafkaTopicsExample 2022-08-04T18:51:44Z logger.go:66:                               - sessionAffinity       = null
TestTerraformKafkaTopicsExample 2022-08-04T18:51:44Z logger.go:66:                               - sessionAffinityConfig = {
TestTerraformKafkaTopicsExample 2022-08-04T18:51:44Z logger.go:66:                                   - clientIP = {
TestTerraformKafkaTopicsExample 2022-08-04T18:51:44Z logger.go:66:                                       - timeoutSeconds = null
TestTerraformKafkaTopicsExample 2022-08-04T18:51:44Z logger.go:66:                                     }
TestTerraformKafkaTopicsExample 2022-08-04T18:51:44Z logger.go:66:                                 }
TestTerraformKafkaTopicsExample 2022-08-04T18:51:44Z logger.go:66:                             }
TestTerraformKafkaTopicsExample 2022-08-04T18:51:44Z logger.go:66:                           - route        = {
TestTerraformKafkaTopicsExample 2022-08-04T18:51:44Z logger.go:66:                               - annotations    = null
TestTerraformKafkaTopicsExample 2022-08-04T18:51:44Z logger.go:66:                               - domain         = null
TestTerraformKafkaTopicsExample 2022-08-04T18:51:44Z logger.go:66:                               - labels         = null
TestTerraformKafkaTopicsExample 2022-08-04T18:51:44Z logger.go:66:                               - prefix         = null
TestTerraformKafkaTopicsExample 2022-08-04T18:51:44Z logger.go:66:                               - wildcardPolicy = null
TestTerraformKafkaTopicsExample 2022-08-04T18:51:44Z logger.go:66:                             }
TestTerraformKafkaTopicsExample 2022-08-04T18:51:44Z logger.go:66:                           - type         = null
TestTerraformKafkaTopicsExample 2022-08-04T18:51:44Z logger.go:66:                         }
TestTerraformKafkaTopicsExample 2022-08-04T18:51:44Z logger.go:66:                       - provider       = {
TestTerraformKafkaTopicsExample 2022-08-04T18:51:44Z logger.go:66:                           - ldap = {
TestTerraformKafkaTopicsExample 2022-08-04T18:51:44Z logger.go:66:                               - address        = null
TestTerraformKafkaTopicsExample 2022-08-04T18:51:44Z logger.go:66:                               - authentication = {
TestTerraformKafkaTopicsExample 2022-08-04T18:51:44Z logger.go:66:                                   - simple = {
TestTerraformKafkaTopicsExample 2022-08-04T18:51:44Z logger.go:66:                                       - directoryPathInContainer = null
TestTerraformKafkaTopicsExample 2022-08-04T18:51:44Z logger.go:66:                                       - secretRef                = null
TestTerraformKafkaTopicsExample 2022-08-04T18:51:44Z logger.go:66:                                     }
TestTerraformKafkaTopicsExample 2022-08-04T18:51:44Z logger.go:66:                                   - type   = null
TestTerraformKafkaTopicsExample 2022-08-04T18:51:44Z logger.go:66:                                 }
TestTerraformKafkaTopicsExample 2022-08-04T18:51:44Z logger.go:66:                               - configurations = {
TestTerraformKafkaTopicsExample 2022-08-04T18:51:44Z logger.go:66:                                   - groupMemberAttribute         = null
TestTerraformKafkaTopicsExample 2022-08-04T18:51:44Z logger.go:66:                                   - groupMemberAttributePattern  = null
TestTerraformKafkaTopicsExample 2022-08-04T18:51:44Z logger.go:66:                                   - groupNameAttribute           = null
TestTerraformKafkaTopicsExample 2022-08-04T18:51:44Z logger.go:66:                                   - groupObjectClass             = null
TestTerraformKafkaTopicsExample 2022-08-04T18:51:44Z logger.go:66:                                   - groupSearchBase              = null
TestTerraformKafkaTopicsExample 2022-08-04T18:51:44Z logger.go:66:                                   - groupSearchFilter            = null
TestTerraformKafkaTopicsExample 2022-08-04T18:51:44Z logger.go:66:                                   - groupSearchScope             = null
TestTerraformKafkaTopicsExample 2022-08-04T18:51:44Z logger.go:66:                                   - userMemberOfAttributePattern = null
TestTerraformKafkaTopicsExample 2022-08-04T18:51:44Z logger.go:66:                                   - userNameAttribute            = null
TestTerraformKafkaTopicsExample 2022-08-04T18:51:44Z logger.go:66:                                   - userObjectClass              = null
TestTerraformKafkaTopicsExample 2022-08-04T18:51:44Z logger.go:66:                                   - userSearchBase               = null
TestTerraformKafkaTopicsExample 2022-08-04T18:51:44Z logger.go:66:                                   - userSearchFilter             = null
TestTerraformKafkaTopicsExample 2022-08-04T18:51:44Z logger.go:66:                                   - userSearchScope              = null
TestTerraformKafkaTopicsExample 2022-08-04T18:51:44Z logger.go:66:                                 }
TestTerraformKafkaTopicsExample 2022-08-04T18:51:44Z logger.go:66:                               - tls            = {
TestTerraformKafkaTopicsExample 2022-08-04T18:51:44Z logger.go:66:                                   - directoryPathInContainer = null
TestTerraformKafkaTopicsExample 2022-08-04T18:51:44Z logger.go:66:                                   - enabled                  = null
TestTerraformKafkaTopicsExample 2022-08-04T18:51:44Z logger.go:66:                                   - ignoreTrustStoreConfig   = null
TestTerraformKafkaTopicsExample 2022-08-04T18:51:44Z logger.go:66:                                   - jksPassword              = {
TestTerraformKafkaTopicsExample 2022-08-04T18:51:44Z logger.go:66:                                       - secretRef = null
TestTerraformKafkaTopicsExample 2022-08-04T18:51:44Z logger.go:66:                                     }
TestTerraformKafkaTopicsExample 2022-08-04T18:51:44Z logger.go:66:                                   - secretRef                = null
TestTerraformKafkaTopicsExample 2022-08-04T18:51:44Z logger.go:66:                                 }
TestTerraformKafkaTopicsExample 2022-08-04T18:51:44Z logger.go:66:                             }
TestTerraformKafkaTopicsExample 2022-08-04T18:51:44Z logger.go:66:                           - type = null
TestTerraformKafkaTopicsExample 2022-08-04T18:51:44Z logger.go:66:                         }
TestTerraformKafkaTopicsExample 2022-08-04T18:51:44Z logger.go:66:                       - tls            = {
TestTerraformKafkaTopicsExample 2022-08-04T18:51:44Z logger.go:66:                           - directoryPathInContainer = null
TestTerraformKafkaTopicsExample 2022-08-04T18:51:44Z logger.go:66:                           - enabled                  = null
TestTerraformKafkaTopicsExample 2022-08-04T18:51:44Z logger.go:66:                           - ignoreTrustStoreConfig   = null
TestTerraformKafkaTopicsExample 2022-08-04T18:51:44Z logger.go:66:                           - jksPassword              = {
TestTerraformKafkaTopicsExample 2022-08-04T18:51:44Z logger.go:66:                               - secretRef = null
TestTerraformKafkaTopicsExample 2022-08-04T18:51:44Z logger.go:66:                             }
TestTerraformKafkaTopicsExample 2022-08-04T18:51:44Z logger.go:66:                           - secretRef                = null
TestTerraformKafkaTopicsExample 2022-08-04T18:51:44Z logger.go:66:                         }
TestTerraformKafkaTopicsExample 2022-08-04T18:51:44Z logger.go:66:                       - tokenKeyPair   = {
TestTerraformKafkaTopicsExample 2022-08-04T18:51:44Z logger.go:66:                           - directoryPathInContainer = null
TestTerraformKafkaTopicsExample 2022-08-04T18:51:44Z logger.go:66:                           - secretRef                = null
TestTerraformKafkaTopicsExample 2022-08-04T18:51:44Z logger.go:66:                         }
TestTerraformKafkaTopicsExample 2022-08-04T18:51:44Z logger.go:66:                     }
TestTerraformKafkaTopicsExample 2022-08-04T18:51:44Z logger.go:66:                 }
TestTerraformKafkaTopicsExample 2022-08-04T18:51:44Z logger.go:66:               - storageClass       = {
TestTerraformKafkaTopicsExample 2022-08-04T18:51:44Z logger.go:66:                   - name = null
TestTerraformKafkaTopicsExample 2022-08-04T18:51:44Z logger.go:66:                 }
TestTerraformKafkaTopicsExample 2022-08-04T18:51:44Z logger.go:66:               - telemetry          = {
TestTerraformKafkaTopicsExample 2022-08-04T18:51:44Z logger.go:66:                   - global = null
TestTerraformKafkaTopicsExample 2022-08-04T18:51:44Z logger.go:66:                 }
TestTerraformKafkaTopicsExample 2022-08-04T18:51:44Z logger.go:66:               - tls                = {
TestTerraformKafkaTopicsExample 2022-08-04T18:51:44Z logger.go:66:                   - autoGeneratedCerts       = null
TestTerraformKafkaTopicsExample 2022-08-04T18:51:44Z logger.go:66:                   - directoryPathInContainer = null
TestTerraformKafkaTopicsExample 2022-08-04T18:51:44Z logger.go:66:                   - ignoreTrustStoreConfig   = null
TestTerraformKafkaTopicsExample 2022-08-04T18:51:44Z logger.go:66:                   - jksPassword              = {
TestTerraformKafkaTopicsExample 2022-08-04T18:51:44Z logger.go:66:                       - secretRef = null
TestTerraformKafkaTopicsExample 2022-08-04T18:51:44Z logger.go:66:                     }
TestTerraformKafkaTopicsExample 2022-08-04T18:51:44Z logger.go:66:                   - secretRef                = null
TestTerraformKafkaTopicsExample 2022-08-04T18:51:44Z logger.go:66:                 }
TestTerraformKafkaTopicsExample 2022-08-04T18:51:44Z logger.go:66:             }
TestTerraformKafkaTopicsExample 2022-08-04T18:51:44Z logger.go:66:         } -> null
TestTerraformKafkaTopicsExample 2022-08-04T18:51:44Z logger.go:66:
TestTerraformKafkaTopicsExample 2022-08-04T18:51:44Z logger.go:66:       - timeouts {
TestTerraformKafkaTopicsExample 2022-08-04T18:51:44Z logger.go:66:           - create = "1h" -> null
TestTerraformKafkaTopicsExample 2022-08-04T18:51:44Z logger.go:66:           - delete = "10m" -> null
TestTerraformKafkaTopicsExample 2022-08-04T18:51:44Z logger.go:66:           - update = "1h" -> null
TestTerraformKafkaTopicsExample 2022-08-04T18:51:44Z logger.go:66:         }
TestTerraformKafkaTopicsExample 2022-08-04T18:51:44Z logger.go:66:
TestTerraformKafkaTopicsExample 2022-08-04T18:51:44Z logger.go:66:       - wait {
TestTerraformKafkaTopicsExample 2022-08-04T18:51:44Z logger.go:66:           - fields = {
TestTerraformKafkaTopicsExample 2022-08-04T18:51:44Z logger.go:66:               - "status.phase" = "RUNNING"
TestTerraformKafkaTopicsExample 2022-08-04T18:51:44Z logger.go:66:             } -> null
TestTerraformKafkaTopicsExample 2022-08-04T18:51:44Z logger.go:66:         }
TestTerraformKafkaTopicsExample 2022-08-04T18:51:44Z logger.go:66:     }
TestTerraformKafkaTopicsExample 2022-08-04T18:51:44Z logger.go:66:
TestTerraformKafkaTopicsExample 2022-08-04T18:51:44Z logger.go:66:   # module.confluent_platform.kubernetes_manifest.components["zookeeper"] will be destroyed
TestTerraformKafkaTopicsExample 2022-08-04T18:51:44Z logger.go:66:   - resource "kubernetes_manifest" "components" {
TestTerraformKafkaTopicsExample 2022-08-04T18:51:44Z logger.go:66:       - computed_fields = [
TestTerraformKafkaTopicsExample 2022-08-04T18:51:44Z logger.go:66:           - "metadata.finalizers",
TestTerraformKafkaTopicsExample 2022-08-04T18:51:44Z logger.go:66:         ] -> null
TestTerraformKafkaTopicsExample 2022-08-04T18:51:44Z logger.go:66:       - manifest        = {
TestTerraformKafkaTopicsExample 2022-08-04T18:51:44Z logger.go:66:           - apiVersion = "platform.confluent.io/v1beta1"
TestTerraformKafkaTopicsExample 2022-08-04T18:51:44Z logger.go:66:           - kind       = "Zookeeper"
TestTerraformKafkaTopicsExample 2022-08-04T18:51:44Z logger.go:66:           - metadata   = {
TestTerraformKafkaTopicsExample 2022-08-04T18:51:44Z logger.go:66:               - name      = "zookeeper"
TestTerraformKafkaTopicsExample 2022-08-04T18:51:44Z logger.go:66:               - namespace = "confluent"
TestTerraformKafkaTopicsExample 2022-08-04T18:51:44Z logger.go:66:             }
TestTerraformKafkaTopicsExample 2022-08-04T18:51:44Z logger.go:66:           - spec       = {
TestTerraformKafkaTopicsExample 2022-08-04T18:51:44Z logger.go:66:               - dataVolumeCapacity = "10Gi"
TestTerraformKafkaTopicsExample 2022-08-04T18:51:44Z logger.go:66:               - image              = {
TestTerraformKafkaTopicsExample 2022-08-04T18:51:44Z logger.go:66:                   - application = "confluentinc/cp-zookeeper:7.2.0"
TestTerraformKafkaTopicsExample 2022-08-04T18:51:44Z logger.go:66:                   - init        = "confluentinc/confluent-init-container:2.4.0"
TestTerraformKafkaTopicsExample 2022-08-04T18:51:44Z logger.go:66:                 }
TestTerraformKafkaTopicsExample 2022-08-04T18:51:44Z logger.go:66:               - logVolumeCapacity  = "10Gi"
TestTerraformKafkaTopicsExample 2022-08-04T18:51:44Z logger.go:66:               - replicas           = 3
TestTerraformKafkaTopicsExample 2022-08-04T18:51:44Z logger.go:66:             }
TestTerraformKafkaTopicsExample 2022-08-04T18:51:44Z logger.go:66:         } -> null
TestTerraformKafkaTopicsExample 2022-08-04T18:51:44Z logger.go:66:       - object          = {
TestTerraformKafkaTopicsExample 2022-08-04T18:51:44Z logger.go:66:           - apiVersion = "platform.confluent.io/v1beta1"
TestTerraformKafkaTopicsExample 2022-08-04T18:51:44Z logger.go:66:           - kind       = "Zookeeper"
TestTerraformKafkaTopicsExample 2022-08-04T18:51:44Z logger.go:66:           - metadata   = {
TestTerraformKafkaTopicsExample 2022-08-04T18:51:44Z logger.go:66:               - annotations                = null
TestTerraformKafkaTopicsExample 2022-08-04T18:51:44Z logger.go:66:               - clusterName                = null
TestTerraformKafkaTopicsExample 2022-08-04T18:51:44Z logger.go:66:               - creationTimestamp          = null
TestTerraformKafkaTopicsExample 2022-08-04T18:51:44Z logger.go:66:               - deletionGracePeriodSeconds = null
TestTerraformKafkaTopicsExample 2022-08-04T18:51:44Z logger.go:66:               - deletionTimestamp          = null
TestTerraformKafkaTopicsExample 2022-08-04T18:51:44Z logger.go:66:               - finalizers                 = [
TestTerraformKafkaTopicsExample 2022-08-04T18:51:44Z logger.go:66:                   - "zookeeper.finalizers.platform.confluent.io",
TestTerraformKafkaTopicsExample 2022-08-04T18:51:44Z logger.go:66:                 ]
TestTerraformKafkaTopicsExample 2022-08-04T18:51:44Z logger.go:66:               - generateName               = null
TestTerraformKafkaTopicsExample 2022-08-04T18:51:44Z logger.go:66:               - generation                 = null
TestTerraformKafkaTopicsExample 2022-08-04T18:51:44Z logger.go:66:               - labels                     = null
TestTerraformKafkaTopicsExample 2022-08-04T18:51:44Z logger.go:66:               - managedFields              = null
TestTerraformKafkaTopicsExample 2022-08-04T18:51:44Z logger.go:66:               - name                       = "zookeeper"
TestTerraformKafkaTopicsExample 2022-08-04T18:51:44Z logger.go:66:               - namespace                  = "confluent"
TestTerraformKafkaTopicsExample 2022-08-04T18:51:44Z logger.go:66:               - ownerReferences            = null
TestTerraformKafkaTopicsExample 2022-08-04T18:51:44Z logger.go:66:               - resourceVersion            = null
TestTerraformKafkaTopicsExample 2022-08-04T18:51:44Z logger.go:66:               - selfLink                   = null
TestTerraformKafkaTopicsExample 2022-08-04T18:51:44Z logger.go:66:               - uid                        = null
TestTerraformKafkaTopicsExample 2022-08-04T18:51:44Z logger.go:66:             }
TestTerraformKafkaTopicsExample 2022-08-04T18:51:44Z logger.go:66:           - spec       = {
TestTerraformKafkaTopicsExample 2022-08-04T18:51:44Z logger.go:66:               - authentication     = {
TestTerraformKafkaTopicsExample 2022-08-04T18:51:44Z logger.go:66:                   - jaasConfig            = {
TestTerraformKafkaTopicsExample 2022-08-04T18:51:44Z logger.go:66:                       - secretRef = null
TestTerraformKafkaTopicsExample 2022-08-04T18:51:44Z logger.go:66:                     }
TestTerraformKafkaTopicsExample 2022-08-04T18:51:44Z logger.go:66:                   - jaasConfigPassThrough = {
TestTerraformKafkaTopicsExample 2022-08-04T18:51:44Z logger.go:66:                       - directoryPathInContainer = null
TestTerraformKafkaTopicsExample 2022-08-04T18:51:44Z logger.go:66:                       - secretRef                = null
TestTerraformKafkaTopicsExample 2022-08-04T18:51:44Z logger.go:66:                     }
TestTerraformKafkaTopicsExample 2022-08-04T18:51:44Z logger.go:66:                   - principalMappingRules = null
TestTerraformKafkaTopicsExample 2022-08-04T18:51:44Z logger.go:66:                   - type                  = null
TestTerraformKafkaTopicsExample 2022-08-04T18:51:44Z logger.go:66:                 }
TestTerraformKafkaTopicsExample 2022-08-04T18:51:44Z logger.go:66:               - configOverrides    = {
TestTerraformKafkaTopicsExample 2022-08-04T18:51:44Z logger.go:66:                   - jvm    = null
TestTerraformKafkaTopicsExample 2022-08-04T18:51:44Z logger.go:66:                   - log4j  = null
TestTerraformKafkaTopicsExample 2022-08-04T18:51:44Z logger.go:66:                   - peers  = null
TestTerraformKafkaTopicsExample 2022-08-04T18:51:44Z logger.go:66:                   - server = null
TestTerraformKafkaTopicsExample 2022-08-04T18:51:44Z logger.go:66:                 }
TestTerraformKafkaTopicsExample 2022-08-04T18:51:44Z logger.go:66:               - dataVolumeCapacity = "10Gi"
TestTerraformKafkaTopicsExample 2022-08-04T18:51:44Z logger.go:66:               - headlessService    = {
TestTerraformKafkaTopicsExample 2022-08-04T18:51:44Z logger.go:66:                   - annotations              = null
TestTerraformKafkaTopicsExample 2022-08-04T18:51:44Z logger.go:66:                   - labels                   = null
TestTerraformKafkaTopicsExample 2022-08-04T18:51:44Z logger.go:66:                   - publishNotReadyAddresses = null
TestTerraformKafkaTopicsExample 2022-08-04T18:51:44Z logger.go:66:                 }
TestTerraformKafkaTopicsExample 2022-08-04T18:51:44Z logger.go:66:               - image              = {
TestTerraformKafkaTopicsExample 2022-08-04T18:51:44Z logger.go:66:                   - application   = "confluentinc/cp-zookeeper:7.2.0"
TestTerraformKafkaTopicsExample 2022-08-04T18:51:44Z logger.go:66:                   - init          = "confluentinc/confluent-init-container:2.4.0"
TestTerraformKafkaTopicsExample 2022-08-04T18:51:44Z logger.go:66:                   - pullPolicy    = null
TestTerraformKafkaTopicsExample 2022-08-04T18:51:44Z logger.go:66:                   - pullSecretRef = null
TestTerraformKafkaTopicsExample 2022-08-04T18:51:44Z logger.go:66:                 }
TestTerraformKafkaTopicsExample 2022-08-04T18:51:44Z logger.go:66:               - injectAnnotations  = null
TestTerraformKafkaTopicsExample 2022-08-04T18:51:44Z logger.go:66:               - injectLabels       = null
TestTerraformKafkaTopicsExample 2022-08-04T18:51:44Z logger.go:66:               - k8sClusterDomain   = null
TestTerraformKafkaTopicsExample 2022-08-04T18:51:44Z logger.go:66:               - license            = {
TestTerraformKafkaTopicsExample 2022-08-04T18:51:44Z logger.go:66:                   - directoryPathInContainer = null
TestTerraformKafkaTopicsExample 2022-08-04T18:51:44Z logger.go:66:                   - globalLicense            = null
TestTerraformKafkaTopicsExample 2022-08-04T18:51:44Z logger.go:66:                   - secretRef                = null
TestTerraformKafkaTopicsExample 2022-08-04T18:51:44Z logger.go:66:                 }
TestTerraformKafkaTopicsExample 2022-08-04T18:51:44Z logger.go:66:               - logVolumeCapacity  = "10Gi"
TestTerraformKafkaTopicsExample 2022-08-04T18:51:44Z logger.go:66:               - metrics            = {
TestTerraformKafkaTopicsExample 2022-08-04T18:51:44Z logger.go:66:                   - authentication = {
TestTerraformKafkaTopicsExample 2022-08-04T18:51:44Z logger.go:66:                       - type = null
TestTerraformKafkaTopicsExample 2022-08-04T18:51:44Z logger.go:66:                     }
TestTerraformKafkaTopicsExample 2022-08-04T18:51:44Z logger.go:66:                   - prometheus     = {
TestTerraformKafkaTopicsExample 2022-08-04T18:51:44Z logger.go:66:                       - blacklist = null
TestTerraformKafkaTopicsExample 2022-08-04T18:51:44Z logger.go:66:                       - rules     = null
TestTerraformKafkaTopicsExample 2022-08-04T18:51:44Z logger.go:66:                       - whitelist = null
TestTerraformKafkaTopicsExample 2022-08-04T18:51:44Z logger.go:66:                     }
TestTerraformKafkaTopicsExample 2022-08-04T18:51:44Z logger.go:66:                   - tls            = {
TestTerraformKafkaTopicsExample 2022-08-04T18:51:44Z logger.go:66:                       - directoryPathInContainer = null
TestTerraformKafkaTopicsExample 2022-08-04T18:51:44Z logger.go:66:                       - enabled                  = null
TestTerraformKafkaTopicsExample 2022-08-04T18:51:44Z logger.go:66:                       - ignoreTrustStoreConfig   = null
TestTerraformKafkaTopicsExample 2022-08-04T18:51:44Z logger.go:66:                       - jksPassword              = {
TestTerraformKafkaTopicsExample 2022-08-04T18:51:44Z logger.go:66:                           - secretRef = null
TestTerraformKafkaTopicsExample 2022-08-04T18:51:44Z logger.go:66:                         }
TestTerraformKafkaTopicsExample 2022-08-04T18:51:44Z logger.go:66:                       - secretRef                = null
TestTerraformKafkaTopicsExample 2022-08-04T18:51:44Z logger.go:66:                     }
TestTerraformKafkaTopicsExample 2022-08-04T18:51:44Z logger.go:66:                 }
TestTerraformKafkaTopicsExample 2022-08-04T18:51:44Z logger.go:66:               - mountedSecrets     = null
TestTerraformKafkaTopicsExample 2022-08-04T18:51:44Z logger.go:66:               - mountedVolumes     = {
TestTerraformKafkaTopicsExample 2022-08-04T18:51:44Z logger.go:66:                   - volumeMounts = null
TestTerraformKafkaTopicsExample 2022-08-04T18:51:44Z logger.go:66:                   - volumes      = null
TestTerraformKafkaTopicsExample 2022-08-04T18:51:44Z logger.go:66:                 }
TestTerraformKafkaTopicsExample 2022-08-04T18:51:44Z logger.go:66:               - oneReplicaPerNode  = null
TestTerraformKafkaTopicsExample 2022-08-04T18:51:44Z logger.go:66:               - podTemplate        = {
TestTerraformKafkaTopicsExample 2022-08-04T18:51:44Z logger.go:66:                   - affinity                      = {
TestTerraformKafkaTopicsExample 2022-08-04T18:51:44Z logger.go:66:                       - nodeAffinity    = {
TestTerraformKafkaTopicsExample 2022-08-04T18:51:44Z logger.go:66:                           - preferredDuringSchedulingIgnoredDuringExecution = null
TestTerraformKafkaTopicsExample 2022-08-04T18:51:44Z logger.go:66:                           - requiredDuringSchedulingIgnoredDuringExecution  = {
TestTerraformKafkaTopicsExample 2022-08-04T18:51:44Z logger.go:66:                               - nodeSelectorTerms = null
TestTerraformKafkaTopicsExample 2022-08-04T18:51:44Z logger.go:66:                             }
TestTerraformKafkaTopicsExample 2022-08-04T18:51:44Z logger.go:66:                         }
TestTerraformKafkaTopicsExample 2022-08-04T18:51:44Z logger.go:66:                       - podAffinity     = {
TestTerraformKafkaTopicsExample 2022-08-04T18:51:44Z logger.go:66:                           - preferredDuringSchedulingIgnoredDuringExecution = null
TestTerraformKafkaTopicsExample 2022-08-04T18:51:44Z logger.go:66:                           - requiredDuringSchedulingIgnoredDuringExecution  = null
TestTerraformKafkaTopicsExample 2022-08-04T18:51:44Z logger.go:66:                         }
TestTerraformKafkaTopicsExample 2022-08-04T18:51:44Z logger.go:66:                       - podAntiAffinity = {
TestTerraformKafkaTopicsExample 2022-08-04T18:51:44Z logger.go:66:                           - preferredDuringSchedulingIgnoredDuringExecution = null
TestTerraformKafkaTopicsExample 2022-08-04T18:51:44Z logger.go:66:                           - requiredDuringSchedulingIgnoredDuringExecution  = null
TestTerraformKafkaTopicsExample 2022-08-04T18:51:44Z logger.go:66:                         }
TestTerraformKafkaTopicsExample 2022-08-04T18:51:44Z logger.go:66:                     }
TestTerraformKafkaTopicsExample 2022-08-04T18:51:44Z logger.go:66:                   - annotations                   = null
TestTerraformKafkaTopicsExample 2022-08-04T18:51:44Z logger.go:66:                   - envVars                       = null
TestTerraformKafkaTopicsExample 2022-08-04T18:51:44Z logger.go:66:                   - labels                        = null
TestTerraformKafkaTopicsExample 2022-08-04T18:51:44Z logger.go:66:                   - podSecurityContext            = {
TestTerraformKafkaTopicsExample 2022-08-04T18:51:44Z logger.go:66:                       - fsGroup             = null
TestTerraformKafkaTopicsExample 2022-08-04T18:51:44Z logger.go:66:                       - fsGroupChangePolicy = null
TestTerraformKafkaTopicsExample 2022-08-04T18:51:44Z logger.go:66:                       - runAsGroup          = null
TestTerraformKafkaTopicsExample 2022-08-04T18:51:44Z logger.go:66:                       - runAsNonRoot        = null
TestTerraformKafkaTopicsExample 2022-08-04T18:51:44Z logger.go:66:                       - runAsUser           = null
TestTerraformKafkaTopicsExample 2022-08-04T18:51:44Z logger.go:66:                       - seLinuxOptions      = {
TestTerraformKafkaTopicsExample 2022-08-04T18:51:44Z logger.go:66:                           - level = null
TestTerraformKafkaTopicsExample 2022-08-04T18:51:44Z logger.go:66:                           - role  = null
TestTerraformKafkaTopicsExample 2022-08-04T18:51:44Z logger.go:66:                           - type  = null
TestTerraformKafkaTopicsExample 2022-08-04T18:51:44Z logger.go:66:                           - user  = null
TestTerraformKafkaTopicsExample 2022-08-04T18:51:44Z logger.go:66:                         }
TestTerraformKafkaTopicsExample 2022-08-04T18:51:44Z logger.go:66:                       - seccompProfile      = {
TestTerraformKafkaTopicsExample 2022-08-04T18:51:44Z logger.go:66:                           - localhostProfile = null
TestTerraformKafkaTopicsExample 2022-08-04T18:51:44Z logger.go:66:                           - type             = null
TestTerraformKafkaTopicsExample 2022-08-04T18:51:44Z logger.go:66:                         }
TestTerraformKafkaTopicsExample 2022-08-04T18:51:44Z logger.go:66:                       - supplementalGroups  = null
TestTerraformKafkaTopicsExample 2022-08-04T18:51:44Z logger.go:66:                       - sysctls             = null
TestTerraformKafkaTopicsExample 2022-08-04T18:51:44Z logger.go:66:                       - windowsOptions      = {
TestTerraformKafkaTopicsExample 2022-08-04T18:51:44Z logger.go:66:                           - gmsaCredentialSpec     = null
TestTerraformKafkaTopicsExample 2022-08-04T18:51:44Z logger.go:66:                           - gmsaCredentialSpecName = null
TestTerraformKafkaTopicsExample 2022-08-04T18:51:44Z logger.go:66:                           - hostProcess            = null
TestTerraformKafkaTopicsExample 2022-08-04T18:51:44Z logger.go:66:                           - runAsUserName          = null
TestTerraformKafkaTopicsExample 2022-08-04T18:51:44Z logger.go:66:                         }
TestTerraformKafkaTopicsExample 2022-08-04T18:51:44Z logger.go:66:                     }
TestTerraformKafkaTopicsExample 2022-08-04T18:51:44Z logger.go:66:                   - priorityClassName             = null
TestTerraformKafkaTopicsExample 2022-08-04T18:51:44Z logger.go:66:                   - probe                         = {
TestTerraformKafkaTopicsExample 2022-08-04T18:51:44Z logger.go:66:                       - liveness  = {
TestTerraformKafkaTopicsExample 2022-08-04T18:51:44Z logger.go:66:                           - failureThreshold    = null
TestTerraformKafkaTopicsExample 2022-08-04T18:51:44Z logger.go:66:                           - initialDelaySeconds = null
TestTerraformKafkaTopicsExample 2022-08-04T18:51:44Z logger.go:66:                           - periodSeconds       = null
TestTerraformKafkaTopicsExample 2022-08-04T18:51:44Z logger.go:66:                           - successThreshold    = null
TestTerraformKafkaTopicsExample 2022-08-04T18:51:44Z logger.go:66:                           - timeoutSeconds      = null
TestTerraformKafkaTopicsExample 2022-08-04T18:51:44Z logger.go:66:                         }
TestTerraformKafkaTopicsExample 2022-08-04T18:51:44Z logger.go:66:                       - readiness = {
TestTerraformKafkaTopicsExample 2022-08-04T18:51:44Z logger.go:66:                           - failureThreshold    = null
TestTerraformKafkaTopicsExample 2022-08-04T18:51:44Z logger.go:66:                           - initialDelaySeconds = null
TestTerraformKafkaTopicsExample 2022-08-04T18:51:44Z logger.go:66:                           - periodSeconds       = null
TestTerraformKafkaTopicsExample 2022-08-04T18:51:44Z logger.go:66:                           - successThreshold    = null
TestTerraformKafkaTopicsExample 2022-08-04T18:51:44Z logger.go:66:                           - timeoutSeconds      = null
TestTerraformKafkaTopicsExample 2022-08-04T18:51:44Z logger.go:66:                         }
TestTerraformKafkaTopicsExample 2022-08-04T18:51:44Z logger.go:66:                     }
TestTerraformKafkaTopicsExample 2022-08-04T18:51:44Z logger.go:66:                   - resources                     = {
TestTerraformKafkaTopicsExample 2022-08-04T18:51:44Z logger.go:66:                       - limits   = null
TestTerraformKafkaTopicsExample 2022-08-04T18:51:44Z logger.go:66:                       - requests = null
TestTerraformKafkaTopicsExample 2022-08-04T18:51:44Z logger.go:66:                     }
TestTerraformKafkaTopicsExample 2022-08-04T18:51:44Z logger.go:66:                   - securityContext               = {
TestTerraformKafkaTopicsExample 2022-08-04T18:51:44Z logger.go:66:                       - allowPrivilegeEscalation = null
TestTerraformKafkaTopicsExample 2022-08-04T18:51:44Z logger.go:66:                       - capabilities             = {
TestTerraformKafkaTopicsExample 2022-08-04T18:51:44Z logger.go:66:                           - add  = null
TestTerraformKafkaTopicsExample 2022-08-04T18:51:44Z logger.go:66:                           - drop = null
TestTerraformKafkaTopicsExample 2022-08-04T18:51:44Z logger.go:66:                         }
TestTerraformKafkaTopicsExample 2022-08-04T18:51:44Z logger.go:66:                       - privileged               = null
TestTerraformKafkaTopicsExample 2022-08-04T18:51:44Z logger.go:66:                       - procMount                = null
TestTerraformKafkaTopicsExample 2022-08-04T18:51:44Z logger.go:66:                       - readOnlyRootFilesystem   = null
TestTerraformKafkaTopicsExample 2022-08-04T18:51:44Z logger.go:66:                       - runAsGroup               = null
TestTerraformKafkaTopicsExample 2022-08-04T18:51:44Z logger.go:66:                       - runAsNonRoot             = null
TestTerraformKafkaTopicsExample 2022-08-04T18:51:44Z logger.go:66:                       - runAsUser                = null
TestTerraformKafkaTopicsExample 2022-08-04T18:51:44Z logger.go:66:                       - seLinuxOptions           = {
TestTerraformKafkaTopicsExample 2022-08-04T18:51:44Z logger.go:66:                           - level = null
TestTerraformKafkaTopicsExample 2022-08-04T18:51:44Z logger.go:66:                           - role  = null
TestTerraformKafkaTopicsExample 2022-08-04T18:51:44Z logger.go:66:                           - type  = null
TestTerraformKafkaTopicsExample 2022-08-04T18:51:44Z logger.go:66:                           - user  = null
TestTerraformKafkaTopicsExample 2022-08-04T18:51:44Z logger.go:66:                         }
TestTerraformKafkaTopicsExample 2022-08-04T18:51:44Z logger.go:66:                       - seccompProfile           = {
TestTerraformKafkaTopicsExample 2022-08-04T18:51:44Z logger.go:66:                           - localhostProfile = null
TestTerraformKafkaTopicsExample 2022-08-04T18:51:44Z logger.go:66:                           - type             = null
TestTerraformKafkaTopicsExample 2022-08-04T18:51:44Z logger.go:66:                         }
TestTerraformKafkaTopicsExample 2022-08-04T18:51:44Z logger.go:66:                       - windowsOptions           = {
TestTerraformKafkaTopicsExample 2022-08-04T18:51:44Z logger.go:66:                           - gmsaCredentialSpec     = null
TestTerraformKafkaTopicsExample 2022-08-04T18:51:44Z logger.go:66:                           - gmsaCredentialSpecName = null
TestTerraformKafkaTopicsExample 2022-08-04T18:51:44Z logger.go:66:                           - hostProcess            = null
TestTerraformKafkaTopicsExample 2022-08-04T18:51:44Z logger.go:66:                           - runAsUserName          = null
TestTerraformKafkaTopicsExample 2022-08-04T18:51:44Z logger.go:66:                         }
TestTerraformKafkaTopicsExample 2022-08-04T18:51:44Z logger.go:66:                     }
TestTerraformKafkaTopicsExample 2022-08-04T18:51:44Z logger.go:66:                   - serviceAccountName            = null
TestTerraformKafkaTopicsExample 2022-08-04T18:51:44Z logger.go:66:                   - terminationGracePeriodSeconds = null
TestTerraformKafkaTopicsExample 2022-08-04T18:51:44Z logger.go:66:                   - tolerations                   = null
TestTerraformKafkaTopicsExample 2022-08-04T18:51:44Z logger.go:66:                   - topologySpreadConstraints     = null
TestTerraformKafkaTopicsExample 2022-08-04T18:51:44Z logger.go:66:                 }
TestTerraformKafkaTopicsExample 2022-08-04T18:51:44Z logger.go:66:               - replicas           = 3
TestTerraformKafkaTopicsExample 2022-08-04T18:51:44Z logger.go:66:               - storageClass       = {
TestTerraformKafkaTopicsExample 2022-08-04T18:51:44Z logger.go:66:                   - name = null
TestTerraformKafkaTopicsExample 2022-08-04T18:51:44Z logger.go:66:                 }
TestTerraformKafkaTopicsExample 2022-08-04T18:51:44Z logger.go:66:               - tls                = {
TestTerraformKafkaTopicsExample 2022-08-04T18:51:44Z logger.go:66:                   - autoGeneratedCerts       = null
TestTerraformKafkaTopicsExample 2022-08-04T18:51:44Z logger.go:66:                   - directoryPathInContainer = null
TestTerraformKafkaTopicsExample 2022-08-04T18:51:44Z logger.go:66:                   - ignoreTrustStoreConfig   = null
TestTerraformKafkaTopicsExample 2022-08-04T18:51:44Z logger.go:66:                   - jksPassword              = {
TestTerraformKafkaTopicsExample 2022-08-04T18:51:44Z logger.go:66:                       - secretRef = null
TestTerraformKafkaTopicsExample 2022-08-04T18:51:44Z logger.go:66:                     }
TestTerraformKafkaTopicsExample 2022-08-04T18:51:44Z logger.go:66:                   - secretRef                = null
TestTerraformKafkaTopicsExample 2022-08-04T18:51:44Z logger.go:66:                 }
TestTerraformKafkaTopicsExample 2022-08-04T18:51:44Z logger.go:66:             }
TestTerraformKafkaTopicsExample 2022-08-04T18:51:44Z logger.go:66:         } -> null
TestTerraformKafkaTopicsExample 2022-08-04T18:51:44Z logger.go:66:
TestTerraformKafkaTopicsExample 2022-08-04T18:51:44Z logger.go:66:       - timeouts {
TestTerraformKafkaTopicsExample 2022-08-04T18:51:44Z logger.go:66:           - create = "1h" -> null
TestTerraformKafkaTopicsExample 2022-08-04T18:51:44Z logger.go:66:           - delete = "10m" -> null
TestTerraformKafkaTopicsExample 2022-08-04T18:51:44Z logger.go:66:           - update = "1h" -> null
TestTerraformKafkaTopicsExample 2022-08-04T18:51:44Z logger.go:66:         }
TestTerraformKafkaTopicsExample 2022-08-04T18:51:44Z logger.go:66:
TestTerraformKafkaTopicsExample 2022-08-04T18:51:44Z logger.go:66:       - wait {
TestTerraformKafkaTopicsExample 2022-08-04T18:51:44Z logger.go:66:           - fields = {
TestTerraformKafkaTopicsExample 2022-08-04T18:51:44Z logger.go:66:               - "status.phase" = "RUNNING"
TestTerraformKafkaTopicsExample 2022-08-04T18:51:44Z logger.go:66:             } -> null
TestTerraformKafkaTopicsExample 2022-08-04T18:51:44Z logger.go:66:         }
TestTerraformKafkaTopicsExample 2022-08-04T18:51:44Z logger.go:66:     }
TestTerraformKafkaTopicsExample 2022-08-04T18:51:44Z logger.go:66:
TestTerraformKafkaTopicsExample 2022-08-04T18:51:44Z logger.go:66:   # module.kafka_topic.kubernetes_manifest.topic will be destroyed
TestTerraformKafkaTopicsExample 2022-08-04T18:51:44Z logger.go:66:   - resource "kubernetes_manifest" "topic" {
TestTerraformKafkaTopicsExample 2022-08-04T18:51:44Z logger.go:66:       - computed_fields = [
TestTerraformKafkaTopicsExample 2022-08-04T18:51:44Z logger.go:66:           - "metadata.finalizers",
TestTerraformKafkaTopicsExample 2022-08-04T18:51:44Z logger.go:66:         ] -> null
TestTerraformKafkaTopicsExample 2022-08-04T18:51:44Z logger.go:66:       - manifest        = {
TestTerraformKafkaTopicsExample 2022-08-04T18:51:44Z logger.go:66:           - apiVersion = "platform.confluent.io/v1beta1"
TestTerraformKafkaTopicsExample 2022-08-04T18:51:44Z logger.go:66:           - kind       = "KafkaTopic"
TestTerraformKafkaTopicsExample 2022-08-04T18:51:44Z logger.go:66:           - metadata   = {
TestTerraformKafkaTopicsExample 2022-08-04T18:51:44Z logger.go:66:               - name      = "my-topic"
TestTerraformKafkaTopicsExample 2022-08-04T18:51:44Z logger.go:66:               - namespace = "confluent"
TestTerraformKafkaTopicsExample 2022-08-04T18:51:44Z logger.go:66:             }
TestTerraformKafkaTopicsExample 2022-08-04T18:51:44Z logger.go:66:           - spec       = {
TestTerraformKafkaTopicsExample 2022-08-04T18:51:44Z logger.go:66:               - configs        = {
TestTerraformKafkaTopicsExample 2022-08-04T18:51:44Z logger.go:66:                   - "cleanup.policy" = "delete"
TestTerraformKafkaTopicsExample 2022-08-04T18:51:44Z logger.go:66:                 }
TestTerraformKafkaTopicsExample 2022-08-04T18:51:44Z logger.go:66:               - partitionCount = 3
TestTerraformKafkaTopicsExample 2022-08-04T18:51:44Z logger.go:66:               - replicas       = 3
TestTerraformKafkaTopicsExample 2022-08-04T18:51:44Z logger.go:66:             }
TestTerraformKafkaTopicsExample 2022-08-04T18:51:44Z logger.go:66:         } -> null
TestTerraformKafkaTopicsExample 2022-08-04T18:51:44Z logger.go:66:       - object          = {
TestTerraformKafkaTopicsExample 2022-08-04T18:51:44Z logger.go:66:           - apiVersion = "platform.confluent.io/v1beta1"
TestTerraformKafkaTopicsExample 2022-08-04T18:51:44Z logger.go:66:           - kind       = "KafkaTopic"
TestTerraformKafkaTopicsExample 2022-08-04T18:51:44Z logger.go:66:           - metadata   = {
TestTerraformKafkaTopicsExample 2022-08-04T18:51:44Z logger.go:66:               - annotations                = {
TestTerraformKafkaTopicsExample 2022-08-04T18:51:44Z logger.go:66:                   - "platform.confluent.io/last-spec-hash" = "7i6/qOJHLetfg5ZGkh0Cl1rS/27WOe+EQCiKKuet8rE="
TestTerraformKafkaTopicsExample 2022-08-04T18:51:44Z logger.go:66:                 }
TestTerraformKafkaTopicsExample 2022-08-04T18:51:44Z logger.go:66:               - clusterName                = null
TestTerraformKafkaTopicsExample 2022-08-04T18:51:44Z logger.go:66:               - creationTimestamp          = null
TestTerraformKafkaTopicsExample 2022-08-04T18:51:44Z logger.go:66:               - deletionGracePeriodSeconds = null
TestTerraformKafkaTopicsExample 2022-08-04T18:51:44Z logger.go:66:               - deletionTimestamp          = null
TestTerraformKafkaTopicsExample 2022-08-04T18:51:44Z logger.go:66:               - finalizers                 = [
TestTerraformKafkaTopicsExample 2022-08-04T18:51:44Z logger.go:66:                   - "kafkatopic.finalizers.platform.confluent.io",
TestTerraformKafkaTopicsExample 2022-08-04T18:51:44Z logger.go:66:                 ]
TestTerraformKafkaTopicsExample 2022-08-04T18:51:44Z logger.go:66:               - generateName               = null
TestTerraformKafkaTopicsExample 2022-08-04T18:51:44Z logger.go:66:               - generation                 = null
TestTerraformKafkaTopicsExample 2022-08-04T18:51:44Z logger.go:66:               - labels                     = null
TestTerraformKafkaTopicsExample 2022-08-04T18:51:44Z logger.go:66:               - managedFields              = null
TestTerraformKafkaTopicsExample 2022-08-04T18:51:44Z logger.go:66:               - name                       = "my-topic"
TestTerraformKafkaTopicsExample 2022-08-04T18:51:44Z logger.go:66:               - namespace                  = "confluent"
TestTerraformKafkaTopicsExample 2022-08-04T18:51:44Z logger.go:66:               - ownerReferences            = [
TestTerraformKafkaTopicsExample 2022-08-04T18:51:44Z logger.go:66:                   - {
TestTerraformKafkaTopicsExample 2022-08-04T18:51:44Z logger.go:66:                       - apiVersion         = "platform.confluent.io/v1beta1"
TestTerraformKafkaTopicsExample 2022-08-04T18:51:44Z logger.go:66:                       - blockOwnerDeletion = true
TestTerraformKafkaTopicsExample 2022-08-04T18:51:44Z logger.go:66:                       - controller         = true
TestTerraformKafkaTopicsExample 2022-08-04T18:51:44Z logger.go:66:                       - kind               = "Kafka"
TestTerraformKafkaTopicsExample 2022-08-04T18:51:44Z logger.go:66:                       - name               = "kafka"
TestTerraformKafkaTopicsExample 2022-08-04T18:51:44Z logger.go:66:                       - uid                = "dac202bc-5b32-4252-a40c-0969eec05fe2"
TestTerraformKafkaTopicsExample 2022-08-04T18:51:44Z logger.go:66:                     },
TestTerraformKafkaTopicsExample 2022-08-04T18:51:44Z logger.go:66:                 ]
TestTerraformKafkaTopicsExample 2022-08-04T18:51:44Z logger.go:66:               - resourceVersion            = null
TestTerraformKafkaTopicsExample 2022-08-04T18:51:44Z logger.go:66:               - selfLink                   = null
TestTerraformKafkaTopicsExample 2022-08-04T18:51:44Z logger.go:66:               - uid                        = null
TestTerraformKafkaTopicsExample 2022-08-04T18:51:44Z logger.go:66:             }
TestTerraformKafkaTopicsExample 2022-08-04T18:51:44Z logger.go:66:           - spec       = {
TestTerraformKafkaTopicsExample 2022-08-04T18:51:44Z logger.go:66:               - configs           = {
TestTerraformKafkaTopicsExample 2022-08-04T18:51:44Z logger.go:66:                   - "cleanup.policy" = "delete"
TestTerraformKafkaTopicsExample 2022-08-04T18:51:44Z logger.go:66:                 }
TestTerraformKafkaTopicsExample 2022-08-04T18:51:44Z logger.go:66:               - kafkaClusterRef   = {
TestTerraformKafkaTopicsExample 2022-08-04T18:51:44Z logger.go:66:                   - name      = null
TestTerraformKafkaTopicsExample 2022-08-04T18:51:44Z logger.go:66:                   - namespace = null
TestTerraformKafkaTopicsExample 2022-08-04T18:51:44Z logger.go:66:                 }
TestTerraformKafkaTopicsExample 2022-08-04T18:51:44Z logger.go:66:               - kafkaRest         = {
TestTerraformKafkaTopicsExample 2022-08-04T18:51:44Z logger.go:66:                   - authentication = {
TestTerraformKafkaTopicsExample 2022-08-04T18:51:44Z logger.go:66:                       - basic  = {
TestTerraformKafkaTopicsExample 2022-08-04T18:51:44Z logger.go:66:                           - debug                    = null
TestTerraformKafkaTopicsExample 2022-08-04T18:51:44Z logger.go:66:                           - directoryPathInContainer = null
TestTerraformKafkaTopicsExample 2022-08-04T18:51:44Z logger.go:66:                           - restrictedRoles          = null
TestTerraformKafkaTopicsExample 2022-08-04T18:51:44Z logger.go:66:                           - roles                    = null
TestTerraformKafkaTopicsExample 2022-08-04T18:51:44Z logger.go:66:                           - secretRef                = null
TestTerraformKafkaTopicsExample 2022-08-04T18:51:44Z logger.go:66:                         }
TestTerraformKafkaTopicsExample 2022-08-04T18:51:44Z logger.go:66:                       - bearer = {
TestTerraformKafkaTopicsExample 2022-08-04T18:51:44Z logger.go:66:                           - directoryPathInContainer = null
TestTerraformKafkaTopicsExample 2022-08-04T18:51:44Z logger.go:66:                           - secretRef                = null
TestTerraformKafkaTopicsExample 2022-08-04T18:51:44Z logger.go:66:                         }
TestTerraformKafkaTopicsExample 2022-08-04T18:51:44Z logger.go:66:                       - type   = null
TestTerraformKafkaTopicsExample 2022-08-04T18:51:44Z logger.go:66:                     }
TestTerraformKafkaTopicsExample 2022-08-04T18:51:44Z logger.go:66:                   - endpoint       = null
TestTerraformKafkaTopicsExample 2022-08-04T18:51:44Z logger.go:66:                   - kafkaClusterID = null
TestTerraformKafkaTopicsExample 2022-08-04T18:51:44Z logger.go:66:                   - tls            = {
TestTerraformKafkaTopicsExample 2022-08-04T18:51:44Z logger.go:66:                       - directoryPathInContainer = null
TestTerraformKafkaTopicsExample 2022-08-04T18:51:44Z logger.go:66:                       - jksPassword              = {
TestTerraformKafkaTopicsExample 2022-08-04T18:51:44Z logger.go:66:                           - secretRef = null
TestTerraformKafkaTopicsExample 2022-08-04T18:51:44Z logger.go:66:                         }
TestTerraformKafkaTopicsExample 2022-08-04T18:51:44Z logger.go:66:                       - secretRef                = null
TestTerraformKafkaTopicsExample 2022-08-04T18:51:44Z logger.go:66:                     }
TestTerraformKafkaTopicsExample 2022-08-04T18:51:44Z logger.go:66:                 }
TestTerraformKafkaTopicsExample 2022-08-04T18:51:44Z logger.go:66:               - kafkaRestClassRef = {
TestTerraformKafkaTopicsExample 2022-08-04T18:51:44Z logger.go:66:                   - name      = null
TestTerraformKafkaTopicsExample 2022-08-04T18:51:44Z logger.go:66:                   - namespace = null
TestTerraformKafkaTopicsExample 2022-08-04T18:51:44Z logger.go:66:                 }
TestTerraformKafkaTopicsExample 2022-08-04T18:51:44Z logger.go:66:               - name              = null
TestTerraformKafkaTopicsExample 2022-08-04T18:51:44Z logger.go:66:               - partitionCount    = 3
TestTerraformKafkaTopicsExample 2022-08-04T18:51:44Z logger.go:66:               - replicas          = 3
TestTerraformKafkaTopicsExample 2022-08-04T18:51:44Z logger.go:66:             }
TestTerraformKafkaTopicsExample 2022-08-04T18:51:44Z logger.go:66:         } -> null
TestTerraformKafkaTopicsExample 2022-08-04T18:51:44Z logger.go:66:
TestTerraformKafkaTopicsExample 2022-08-04T18:51:44Z logger.go:66:       - timeouts {
TestTerraformKafkaTopicsExample 2022-08-04T18:51:44Z logger.go:66:           - create = "10m" -> null
TestTerraformKafkaTopicsExample 2022-08-04T18:51:44Z logger.go:66:           - delete = "10m" -> null
TestTerraformKafkaTopicsExample 2022-08-04T18:51:44Z logger.go:66:           - update = "10m" -> null
TestTerraformKafkaTopicsExample 2022-08-04T18:51:44Z logger.go:66:         }
TestTerraformKafkaTopicsExample 2022-08-04T18:51:44Z logger.go:66:
TestTerraformKafkaTopicsExample 2022-08-04T18:51:44Z logger.go:66:       - wait {
TestTerraformKafkaTopicsExample 2022-08-04T18:51:44Z logger.go:66:           - fields = {
TestTerraformKafkaTopicsExample 2022-08-04T18:51:44Z logger.go:66:               - "status.state" = "CREATED"
TestTerraformKafkaTopicsExample 2022-08-04T18:51:44Z logger.go:66:             } -> null
TestTerraformKafkaTopicsExample 2022-08-04T18:51:44Z logger.go:66:         }
TestTerraformKafkaTopicsExample 2022-08-04T18:51:44Z logger.go:66:     }
TestTerraformKafkaTopicsExample 2022-08-04T18:51:44Z logger.go:66:
TestTerraformKafkaTopicsExample 2022-08-04T18:51:44Z logger.go:66:   # module.other_kafka_topic.kubernetes_manifest.topic will be destroyed
TestTerraformKafkaTopicsExample 2022-08-04T18:51:44Z logger.go:66:   - resource "kubernetes_manifest" "topic" {
TestTerraformKafkaTopicsExample 2022-08-04T18:51:44Z logger.go:66:       - computed_fields = [
TestTerraformKafkaTopicsExample 2022-08-04T18:51:44Z logger.go:66:           - "metadata.finalizers",
TestTerraformKafkaTopicsExample 2022-08-04T18:51:44Z logger.go:66:         ] -> null
TestTerraformKafkaTopicsExample 2022-08-04T18:51:44Z logger.go:66:       - manifest        = {
TestTerraformKafkaTopicsExample 2022-08-04T18:51:44Z logger.go:66:           - apiVersion = "platform.confluent.io/v1beta1"
TestTerraformKafkaTopicsExample 2022-08-04T18:51:44Z logger.go:66:           - kind       = "KafkaTopic"
TestTerraformKafkaTopicsExample 2022-08-04T18:51:44Z logger.go:66:           - metadata   = {
TestTerraformKafkaTopicsExample 2022-08-04T18:51:44Z logger.go:66:               - name      = "my-other-topic"
TestTerraformKafkaTopicsExample 2022-08-04T18:51:44Z logger.go:66:               - namespace = "confluent"
TestTerraformKafkaTopicsExample 2022-08-04T18:51:44Z logger.go:66:             }
TestTerraformKafkaTopicsExample 2022-08-04T18:51:44Z logger.go:66:           - spec       = {
TestTerraformKafkaTopicsExample 2022-08-04T18:51:44Z logger.go:66:               - configs        = {
TestTerraformKafkaTopicsExample 2022-08-04T18:51:44Z logger.go:66:                   - "cleanup.policy" = "compact"
TestTerraformKafkaTopicsExample 2022-08-04T18:51:44Z logger.go:66:                 }
TestTerraformKafkaTopicsExample 2022-08-04T18:51:44Z logger.go:66:               - kafkaRest      = {
TestTerraformKafkaTopicsExample 2022-08-04T18:51:44Z logger.go:66:                   - endpoint = "http://kafka.confluent.svc.cluster.local:8090"
TestTerraformKafkaTopicsExample 2022-08-04T18:51:44Z logger.go:66:                 }
TestTerraformKafkaTopicsExample 2022-08-04T18:51:44Z logger.go:66:               - partitionCount = 4
TestTerraformKafkaTopicsExample 2022-08-04T18:51:44Z logger.go:66:               - replicas       = 3
TestTerraformKafkaTopicsExample 2022-08-04T18:51:44Z logger.go:66:             }
TestTerraformKafkaTopicsExample 2022-08-04T18:51:44Z logger.go:66:         } -> null
TestTerraformKafkaTopicsExample 2022-08-04T18:51:44Z logger.go:66:       - object          = {
TestTerraformKafkaTopicsExample 2022-08-04T18:51:44Z logger.go:66:           - apiVersion = "platform.confluent.io/v1beta1"
TestTerraformKafkaTopicsExample 2022-08-04T18:51:44Z logger.go:66:           - kind       = "KafkaTopic"
TestTerraformKafkaTopicsExample 2022-08-04T18:51:44Z logger.go:66:           - metadata   = {
TestTerraformKafkaTopicsExample 2022-08-04T18:51:44Z logger.go:66:               - annotations                = {
TestTerraformKafkaTopicsExample 2022-08-04T18:51:44Z logger.go:66:                   - "platform.confluent.io/last-spec-hash" = "lEw7UWAqvLDY5+mAtzYZa7+U8qQNJiQxZoGr1dLo55w="
TestTerraformKafkaTopicsExample 2022-08-04T18:51:44Z logger.go:66:                 }
TestTerraformKafkaTopicsExample 2022-08-04T18:51:44Z logger.go:66:               - clusterName                = null
TestTerraformKafkaTopicsExample 2022-08-04T18:51:44Z logger.go:66:               - creationTimestamp          = null
TestTerraformKafkaTopicsExample 2022-08-04T18:51:44Z logger.go:66:               - deletionGracePeriodSeconds = null
TestTerraformKafkaTopicsExample 2022-08-04T18:51:44Z logger.go:66:               - deletionTimestamp          = null
TestTerraformKafkaTopicsExample 2022-08-04T18:51:44Z logger.go:66:               - finalizers                 = [
TestTerraformKafkaTopicsExample 2022-08-04T18:51:44Z logger.go:66:                   - "kafkatopic.finalizers.platform.confluent.io",
TestTerraformKafkaTopicsExample 2022-08-04T18:51:44Z logger.go:66:                 ]
TestTerraformKafkaTopicsExample 2022-08-04T18:51:44Z logger.go:66:               - generateName               = null
TestTerraformKafkaTopicsExample 2022-08-04T18:51:44Z logger.go:66:               - generation                 = null
TestTerraformKafkaTopicsExample 2022-08-04T18:51:44Z logger.go:66:               - labels                     = null
TestTerraformKafkaTopicsExample 2022-08-04T18:51:44Z logger.go:66:               - managedFields              = null
TestTerraformKafkaTopicsExample 2022-08-04T18:51:44Z logger.go:66:               - name                       = "my-other-topic"
TestTerraformKafkaTopicsExample 2022-08-04T18:51:44Z logger.go:66:               - namespace                  = "confluent"
TestTerraformKafkaTopicsExample 2022-08-04T18:51:44Z logger.go:66:               - ownerReferences            = null
TestTerraformKafkaTopicsExample 2022-08-04T18:51:44Z logger.go:66:               - resourceVersion            = null
TestTerraformKafkaTopicsExample 2022-08-04T18:51:44Z logger.go:66:               - selfLink                   = null
TestTerraformKafkaTopicsExample 2022-08-04T18:51:44Z logger.go:66:               - uid                        = null
TestTerraformKafkaTopicsExample 2022-08-04T18:51:44Z logger.go:66:             }
TestTerraformKafkaTopicsExample 2022-08-04T18:51:44Z logger.go:66:           - spec       = {
TestTerraformKafkaTopicsExample 2022-08-04T18:51:44Z logger.go:66:               - configs           = {
TestTerraformKafkaTopicsExample 2022-08-04T18:51:44Z logger.go:66:                   - "cleanup.policy" = "compact"
TestTerraformKafkaTopicsExample 2022-08-04T18:51:44Z logger.go:66:                 }
TestTerraformKafkaTopicsExample 2022-08-04T18:51:44Z logger.go:66:               - kafkaClusterRef   = {
TestTerraformKafkaTopicsExample 2022-08-04T18:51:44Z logger.go:66:                   - name      = null
TestTerraformKafkaTopicsExample 2022-08-04T18:51:44Z logger.go:66:                   - namespace = null
TestTerraformKafkaTopicsExample 2022-08-04T18:51:44Z logger.go:66:                 }
TestTerraformKafkaTopicsExample 2022-08-04T18:51:44Z logger.go:66:               - kafkaRest         = {
TestTerraformKafkaTopicsExample 2022-08-04T18:51:44Z logger.go:66:                   - authentication = {
TestTerraformKafkaTopicsExample 2022-08-04T18:51:44Z logger.go:66:                       - basic  = {
TestTerraformKafkaTopicsExample 2022-08-04T18:51:44Z logger.go:66:                           - debug                    = null
TestTerraformKafkaTopicsExample 2022-08-04T18:51:44Z logger.go:66:                           - directoryPathInContainer = null
TestTerraformKafkaTopicsExample 2022-08-04T18:51:44Z logger.go:66:                           - restrictedRoles          = null
TestTerraformKafkaTopicsExample 2022-08-04T18:51:44Z logger.go:66:                           - roles                    = null
TestTerraformKafkaTopicsExample 2022-08-04T18:51:44Z logger.go:66:                           - secretRef                = null
TestTerraformKafkaTopicsExample 2022-08-04T18:51:44Z logger.go:66:                         }
TestTerraformKafkaTopicsExample 2022-08-04T18:51:44Z logger.go:66:                       - bearer = {
TestTerraformKafkaTopicsExample 2022-08-04T18:51:44Z logger.go:66:                           - directoryPathInContainer = null
TestTerraformKafkaTopicsExample 2022-08-04T18:51:44Z logger.go:66:                           - secretRef                = null
TestTerraformKafkaTopicsExample 2022-08-04T18:51:44Z logger.go:66:                         }
TestTerraformKafkaTopicsExample 2022-08-04T18:51:44Z logger.go:66:                       - type   = null
TestTerraformKafkaTopicsExample 2022-08-04T18:51:44Z logger.go:66:                     }
TestTerraformKafkaTopicsExample 2022-08-04T18:51:44Z logger.go:66:                   - endpoint       = "http://kafka.confluent.svc.cluster.local:8090"
TestTerraformKafkaTopicsExample 2022-08-04T18:51:44Z logger.go:66:                   - kafkaClusterID = null
TestTerraformKafkaTopicsExample 2022-08-04T18:51:44Z logger.go:66:                   - tls            = {
TestTerraformKafkaTopicsExample 2022-08-04T18:51:44Z logger.go:66:                       - directoryPathInContainer = null
TestTerraformKafkaTopicsExample 2022-08-04T18:51:44Z logger.go:66:                       - jksPassword              = {
TestTerraformKafkaTopicsExample 2022-08-04T18:51:44Z logger.go:66:                           - secretRef = null
TestTerraformKafkaTopicsExample 2022-08-04T18:51:44Z logger.go:66:                         }
TestTerraformKafkaTopicsExample 2022-08-04T18:51:44Z logger.go:66:                       - secretRef                = null
TestTerraformKafkaTopicsExample 2022-08-04T18:51:44Z logger.go:66:                     }
TestTerraformKafkaTopicsExample 2022-08-04T18:51:44Z logger.go:66:                 }
TestTerraformKafkaTopicsExample 2022-08-04T18:51:44Z logger.go:66:               - kafkaRestClassRef = {
TestTerraformKafkaTopicsExample 2022-08-04T18:51:44Z logger.go:66:                   - name      = null
TestTerraformKafkaTopicsExample 2022-08-04T18:51:44Z logger.go:66:                   - namespace = null
TestTerraformKafkaTopicsExample 2022-08-04T18:51:44Z logger.go:66:                 }
TestTerraformKafkaTopicsExample 2022-08-04T18:51:44Z logger.go:66:               - name              = null
TestTerraformKafkaTopicsExample 2022-08-04T18:51:44Z logger.go:66:               - partitionCount    = 4
TestTerraformKafkaTopicsExample 2022-08-04T18:51:44Z logger.go:66:               - replicas          = 3
TestTerraformKafkaTopicsExample 2022-08-04T18:51:44Z logger.go:66:             }
TestTerraformKafkaTopicsExample 2022-08-04T18:51:44Z logger.go:66:         } -> null
TestTerraformKafkaTopicsExample 2022-08-04T18:51:44Z logger.go:66:
TestTerraformKafkaTopicsExample 2022-08-04T18:51:44Z logger.go:66:       - timeouts {
TestTerraformKafkaTopicsExample 2022-08-04T18:51:44Z logger.go:66:           - create = "10m" -> null
TestTerraformKafkaTopicsExample 2022-08-04T18:51:44Z logger.go:66:           - delete = "10m" -> null
TestTerraformKafkaTopicsExample 2022-08-04T18:51:44Z logger.go:66:           - update = "10m" -> null
TestTerraformKafkaTopicsExample 2022-08-04T18:51:44Z logger.go:66:         }
TestTerraformKafkaTopicsExample 2022-08-04T18:51:44Z logger.go:66:
TestTerraformKafkaTopicsExample 2022-08-04T18:51:44Z logger.go:66:       - wait {
TestTerraformKafkaTopicsExample 2022-08-04T18:51:44Z logger.go:66:           - fields = {
TestTerraformKafkaTopicsExample 2022-08-04T18:51:44Z logger.go:66:               - "status.state" = "CREATED"
TestTerraformKafkaTopicsExample 2022-08-04T18:51:44Z logger.go:66:             } -> null
TestTerraformKafkaTopicsExample 2022-08-04T18:51:44Z logger.go:66:         }
TestTerraformKafkaTopicsExample 2022-08-04T18:51:44Z logger.go:66:     }
TestTerraformKafkaTopicsExample 2022-08-04T18:51:44Z logger.go:66:
TestTerraformKafkaTopicsExample 2022-08-04T18:51:44Z logger.go:66:   # module.confluent_platform.module.confluent_operator[0].helm_release.confluent_operator[0] will be destroyed
TestTerraformKafkaTopicsExample 2022-08-04T18:51:44Z logger.go:66:   - resource "helm_release" "confluent_operator" {
TestTerraformKafkaTopicsExample 2022-08-04T18:51:44Z logger.go:66:       - atomic                     = false -> null
TestTerraformKafkaTopicsExample 2022-08-04T18:51:44Z logger.go:66:       - chart                      = "confluent-for-kubernetes" -> null
TestTerraformKafkaTopicsExample 2022-08-04T18:51:44Z logger.go:66:       - cleanup_on_fail            = false -> null
TestTerraformKafkaTopicsExample 2022-08-04T18:51:44Z logger.go:66:       - create_namespace           = false -> null
TestTerraformKafkaTopicsExample 2022-08-04T18:51:44Z logger.go:66:       - dependency_update          = false -> null
TestTerraformKafkaTopicsExample 2022-08-04T18:51:44Z logger.go:66:       - disable_crd_hooks          = false -> null
TestTerraformKafkaTopicsExample 2022-08-04T18:51:44Z logger.go:66:       - disable_openapi_validation = false -> null
TestTerraformKafkaTopicsExample 2022-08-04T18:51:44Z logger.go:66:       - disable_webhooks           = false -> null
TestTerraformKafkaTopicsExample 2022-08-04T18:51:44Z logger.go:66:       - force_update               = false -> null
TestTerraformKafkaTopicsExample 2022-08-04T18:51:44Z logger.go:66:       - id                         = "confluent-operator" -> null
TestTerraformKafkaTopicsExample 2022-08-04T18:51:44Z logger.go:66:       - lint                       = false -> null
TestTerraformKafkaTopicsExample 2022-08-04T18:51:44Z logger.go:66:       - max_history                = 0 -> null
TestTerraformKafkaTopicsExample 2022-08-04T18:51:44Z logger.go:66:       - metadata                   = [
TestTerraformKafkaTopicsExample 2022-08-04T18:51:44Z logger.go:66:           - {
TestTerraformKafkaTopicsExample 2022-08-04T18:51:44Z logger.go:66:               - app_version = "2.4.1"
TestTerraformKafkaTopicsExample 2022-08-04T18:51:44Z logger.go:66:               - chart       = "confluent-for-kubernetes"
TestTerraformKafkaTopicsExample 2022-08-04T18:51:44Z logger.go:66:               - name        = "confluent-operator"
TestTerraformKafkaTopicsExample 2022-08-04T18:51:44Z logger.go:66:               - namespace   = "confluent"
TestTerraformKafkaTopicsExample 2022-08-04T18:51:44Z logger.go:66:               - revision    = 1
TestTerraformKafkaTopicsExample 2022-08-04T18:51:44Z logger.go:66:               - values      = "null"
TestTerraformKafkaTopicsExample 2022-08-04T18:51:44Z logger.go:66:               - version     = "0.517.23"
TestTerraformKafkaTopicsExample 2022-08-04T18:51:44Z logger.go:66:             },
TestTerraformKafkaTopicsExample 2022-08-04T18:51:44Z logger.go:66:         ] -> null
TestTerraformKafkaTopicsExample 2022-08-04T18:51:44Z logger.go:66:       - name                       = "confluent-operator" -> null
TestTerraformKafkaTopicsExample 2022-08-04T18:51:44Z logger.go:66:       - namespace                  = "confluent" -> null
TestTerraformKafkaTopicsExample 2022-08-04T18:51:44Z logger.go:66:       - pass_credentials           = false -> null
TestTerraformKafkaTopicsExample 2022-08-04T18:51:44Z logger.go:66:       - recreate_pods              = false -> null
TestTerraformKafkaTopicsExample 2022-08-04T18:51:44Z logger.go:66:       - render_subchart_notes      = true -> null
TestTerraformKafkaTopicsExample 2022-08-04T18:51:44Z logger.go:66:       - replace                    = false -> null
TestTerraformKafkaTopicsExample 2022-08-04T18:51:44Z logger.go:66:       - repository                 = "https://packages.confluent.io/helm" -> null
TestTerraformKafkaTopicsExample 2022-08-04T18:51:44Z logger.go:66:       - reset_values               = false -> null
TestTerraformKafkaTopicsExample 2022-08-04T18:51:44Z logger.go:66:       - reuse_values               = false -> null
TestTerraformKafkaTopicsExample 2022-08-04T18:51:44Z logger.go:66:       - skip_crds                  = false -> null
TestTerraformKafkaTopicsExample 2022-08-04T18:51:44Z logger.go:66:       - status                     = "deployed" -> null
TestTerraformKafkaTopicsExample 2022-08-04T18:51:44Z logger.go:66:       - timeout                    = 300 -> null
TestTerraformKafkaTopicsExample 2022-08-04T18:51:44Z logger.go:66:       - values                     = [] -> null
TestTerraformKafkaTopicsExample 2022-08-04T18:51:44Z logger.go:66:       - verify                     = false -> null
TestTerraformKafkaTopicsExample 2022-08-04T18:51:44Z logger.go:66:       - version                    = "0.517.23" -> null
TestTerraformKafkaTopicsExample 2022-08-04T18:51:44Z logger.go:66:       - wait                       = true -> null
TestTerraformKafkaTopicsExample 2022-08-04T18:51:44Z logger.go:66:       - wait_for_jobs              = true -> null
TestTerraformKafkaTopicsExample 2022-08-04T18:51:44Z logger.go:66:     }
TestTerraformKafkaTopicsExample 2022-08-04T18:51:44Z logger.go:66:
TestTerraformKafkaTopicsExample 2022-08-04T18:51:44Z logger.go:66:   # module.confluent_platform.module.confluent_operator[0].kubernetes_namespace_v1.namespace[0] will be destroyed
TestTerraformKafkaTopicsExample 2022-08-04T18:51:44Z logger.go:66:   - resource "kubernetes_namespace_v1" "namespace" {
TestTerraformKafkaTopicsExample 2022-08-04T18:51:44Z logger.go:66:       - id = "confluent" -> null
TestTerraformKafkaTopicsExample 2022-08-04T18:51:44Z logger.go:66:
TestTerraformKafkaTopicsExample 2022-08-04T18:51:44Z logger.go:66:       - metadata {
TestTerraformKafkaTopicsExample 2022-08-04T18:51:44Z logger.go:66:           - annotations      = {} -> null
TestTerraformKafkaTopicsExample 2022-08-04T18:51:44Z logger.go:66:           - generation       = 0 -> null
TestTerraformKafkaTopicsExample 2022-08-04T18:51:44Z logger.go:66:           - labels           = {} -> null
TestTerraformKafkaTopicsExample 2022-08-04T18:51:44Z logger.go:66:           - name             = "confluent" -> null
TestTerraformKafkaTopicsExample 2022-08-04T18:51:44Z logger.go:66:           - resource_version = "68023" -> null
TestTerraformKafkaTopicsExample 2022-08-04T18:51:44Z logger.go:66:           - uid              = "7cb7310c-bb6a-4ed5-9b39-d368f6b93a3e" -> null
TestTerraformKafkaTopicsExample 2022-08-04T18:51:44Z logger.go:66:         }
TestTerraformKafkaTopicsExample 2022-08-04T18:51:44Z logger.go:66:     }
TestTerraformKafkaTopicsExample 2022-08-04T18:51:44Z logger.go:66:
TestTerraformKafkaTopicsExample 2022-08-04T18:51:44Z logger.go:66: Plan: 0 to add, 0 to change, 6 to destroy.
TestTerraformKafkaTopicsExample 2022-08-04T18:51:44Z logger.go:66:
TestTerraformKafkaTopicsExample 2022-08-04T18:51:44Z logger.go:66: Changes to Outputs:
TestTerraformKafkaTopicsExample 2022-08-04T18:51:44Z logger.go:66:   - kafka_topic       = {
TestTerraformKafkaTopicsExample 2022-08-04T18:51:44Z logger.go:66:       - configs           = {
TestTerraformKafkaTopicsExample 2022-08-04T18:51:44Z logger.go:66:           - "cleanup.policy" = "delete"
TestTerraformKafkaTopicsExample 2022-08-04T18:51:44Z logger.go:66:         }
TestTerraformKafkaTopicsExample 2022-08-04T18:51:44Z logger.go:66:       - kafkaClusterRef   = {
TestTerraformKafkaTopicsExample 2022-08-04T18:51:44Z logger.go:66:           - name      = null
TestTerraformKafkaTopicsExample 2022-08-04T18:51:44Z logger.go:66:           - namespace = null
TestTerraformKafkaTopicsExample 2022-08-04T18:51:44Z logger.go:66:         }
TestTerraformKafkaTopicsExample 2022-08-04T18:51:44Z logger.go:66:       - kafkaRest         = {
TestTerraformKafkaTopicsExample 2022-08-04T18:51:44Z logger.go:66:           - authentication = {
TestTerraformKafkaTopicsExample 2022-08-04T18:51:44Z logger.go:66:               - basic  = {
TestTerraformKafkaTopicsExample 2022-08-04T18:51:44Z logger.go:66:                   - debug                    = null
TestTerraformKafkaTopicsExample 2022-08-04T18:51:44Z logger.go:66:                   - directoryPathInContainer = null
TestTerraformKafkaTopicsExample 2022-08-04T18:51:44Z logger.go:66:                   - restrictedRoles          = null
TestTerraformKafkaTopicsExample 2022-08-04T18:51:44Z logger.go:66:                   - roles                    = null
TestTerraformKafkaTopicsExample 2022-08-04T18:51:44Z logger.go:66:                   - secretRef                = null
TestTerraformKafkaTopicsExample 2022-08-04T18:51:44Z logger.go:66:                 }
TestTerraformKafkaTopicsExample 2022-08-04T18:51:44Z logger.go:66:               - bearer = {
TestTerraformKafkaTopicsExample 2022-08-04T18:51:44Z logger.go:66:                   - directoryPathInContainer = null
TestTerraformKafkaTopicsExample 2022-08-04T18:51:44Z logger.go:66:                   - secretRef                = null
TestTerraformKafkaTopicsExample 2022-08-04T18:51:44Z logger.go:66:                 }
TestTerraformKafkaTopicsExample 2022-08-04T18:51:44Z logger.go:66:               - type   = null
TestTerraformKafkaTopicsExample 2022-08-04T18:51:44Z logger.go:66:             }
TestTerraformKafkaTopicsExample 2022-08-04T18:51:44Z logger.go:66:           - endpoint       = null
TestTerraformKafkaTopicsExample 2022-08-04T18:51:44Z logger.go:66:           - kafkaClusterID = null
TestTerraformKafkaTopicsExample 2022-08-04T18:51:44Z logger.go:66:           - tls            = {
TestTerraformKafkaTopicsExample 2022-08-04T18:51:44Z logger.go:66:               - directoryPathInContainer = null
TestTerraformKafkaTopicsExample 2022-08-04T18:51:44Z logger.go:66:               - jksPassword              = {
TestTerraformKafkaTopicsExample 2022-08-04T18:51:44Z logger.go:66:                   - secretRef = null
TestTerraformKafkaTopicsExample 2022-08-04T18:51:44Z logger.go:66:                 }
TestTerraformKafkaTopicsExample 2022-08-04T18:51:44Z logger.go:66:               - secretRef                = null
TestTerraformKafkaTopicsExample 2022-08-04T18:51:44Z logger.go:66:             }
TestTerraformKafkaTopicsExample 2022-08-04T18:51:44Z logger.go:66:         }
TestTerraformKafkaTopicsExample 2022-08-04T18:51:44Z logger.go:66:       - kafkaRestClassRef = {
TestTerraformKafkaTopicsExample 2022-08-04T18:51:44Z logger.go:66:           - name      = null
TestTerraformKafkaTopicsExample 2022-08-04T18:51:44Z logger.go:66:           - namespace = null
TestTerraformKafkaTopicsExample 2022-08-04T18:51:44Z logger.go:66:         }
TestTerraformKafkaTopicsExample 2022-08-04T18:51:44Z logger.go:66:       - name              = null
TestTerraformKafkaTopicsExample 2022-08-04T18:51:44Z logger.go:66:       - partitionCount    = 3
TestTerraformKafkaTopicsExample 2022-08-04T18:51:44Z logger.go:66:       - replicas          = 3
TestTerraformKafkaTopicsExample 2022-08-04T18:51:44Z logger.go:66:     } -> null
TestTerraformKafkaTopicsExample 2022-08-04T18:51:44Z logger.go:66:   - other_kafka_topic = {
TestTerraformKafkaTopicsExample 2022-08-04T18:51:44Z logger.go:66:       - configs           = {
TestTerraformKafkaTopicsExample 2022-08-04T18:51:44Z logger.go:66:           - "cleanup.policy" = "compact"
TestTerraformKafkaTopicsExample 2022-08-04T18:51:44Z logger.go:66:         }
TestTerraformKafkaTopicsExample 2022-08-04T18:51:44Z logger.go:66:       - kafkaClusterRef   = {
TestTerraformKafkaTopicsExample 2022-08-04T18:51:44Z logger.go:66:           - name      = null
TestTerraformKafkaTopicsExample 2022-08-04T18:51:44Z logger.go:66:           - namespace = null
TestTerraformKafkaTopicsExample 2022-08-04T18:51:44Z logger.go:66:         }
TestTerraformKafkaTopicsExample 2022-08-04T18:51:44Z logger.go:66:       - kafkaRest         = {
TestTerraformKafkaTopicsExample 2022-08-04T18:51:44Z logger.go:66:           - authentication = {
TestTerraformKafkaTopicsExample 2022-08-04T18:51:44Z logger.go:66:               - basic  = {
TestTerraformKafkaTopicsExample 2022-08-04T18:51:44Z logger.go:66:                   - debug                    = null
TestTerraformKafkaTopicsExample 2022-08-04T18:51:44Z logger.go:66:                   - directoryPathInContainer = null
TestTerraformKafkaTopicsExample 2022-08-04T18:51:44Z logger.go:66:                   - restrictedRoles          = null
TestTerraformKafkaTopicsExample 2022-08-04T18:51:44Z logger.go:66:                   - roles                    = null
TestTerraformKafkaTopicsExample 2022-08-04T18:51:44Z logger.go:66:                   - secretRef                = null
TestTerraformKafkaTopicsExample 2022-08-04T18:51:44Z logger.go:66:                 }
TestTerraformKafkaTopicsExample 2022-08-04T18:51:44Z logger.go:66:               - bearer = {
TestTerraformKafkaTopicsExample 2022-08-04T18:51:44Z logger.go:66:                   - directoryPathInContainer = null
TestTerraformKafkaTopicsExample 2022-08-04T18:51:44Z logger.go:66:                   - secretRef                = null
TestTerraformKafkaTopicsExample 2022-08-04T18:51:44Z logger.go:66:                 }
TestTerraformKafkaTopicsExample 2022-08-04T18:51:44Z logger.go:66:               - type   = null
TestTerraformKafkaTopicsExample 2022-08-04T18:51:44Z logger.go:66:             }
TestTerraformKafkaTopicsExample 2022-08-04T18:51:44Z logger.go:66:           - endpoint       = "http://kafka.confluent.svc.cluster.local:8090"
TestTerraformKafkaTopicsExample 2022-08-04T18:51:44Z logger.go:66:           - kafkaClusterID = null
TestTerraformKafkaTopicsExample 2022-08-04T18:51:44Z logger.go:66:           - tls            = {
TestTerraformKafkaTopicsExample 2022-08-04T18:51:44Z logger.go:66:               - directoryPathInContainer = null
TestTerraformKafkaTopicsExample 2022-08-04T18:51:44Z logger.go:66:               - jksPassword              = {
TestTerraformKafkaTopicsExample 2022-08-04T18:51:44Z logger.go:66:                   - secretRef = null
TestTerraformKafkaTopicsExample 2022-08-04T18:51:44Z logger.go:66:                 }
TestTerraformKafkaTopicsExample 2022-08-04T18:51:44Z logger.go:66:               - secretRef                = null
TestTerraformKafkaTopicsExample 2022-08-04T18:51:44Z logger.go:66:             }
TestTerraformKafkaTopicsExample 2022-08-04T18:51:44Z logger.go:66:         }
TestTerraformKafkaTopicsExample 2022-08-04T18:51:44Z logger.go:66:       - kafkaRestClassRef = {
TestTerraformKafkaTopicsExample 2022-08-04T18:51:44Z logger.go:66:           - name      = null
TestTerraformKafkaTopicsExample 2022-08-04T18:51:44Z logger.go:66:           - namespace = null
TestTerraformKafkaTopicsExample 2022-08-04T18:51:44Z logger.go:66:         }
TestTerraformKafkaTopicsExample 2022-08-04T18:51:44Z logger.go:66:       - name              = null
TestTerraformKafkaTopicsExample 2022-08-04T18:51:44Z logger.go:66:       - partitionCount    = 4
TestTerraformKafkaTopicsExample 2022-08-04T18:51:44Z logger.go:66:       - replicas          = 3
TestTerraformKafkaTopicsExample 2022-08-04T18:51:44Z logger.go:66:     } -> null
TestTerraformKafkaTopicsExample 2022-08-04T18:51:46Z logger.go:66: module.kafka_topic.kubernetes_manifest.topic: Destroying...
TestTerraformKafkaTopicsExample 2022-08-04T18:51:46Z logger.go:66: module.other_kafka_topic.kubernetes_manifest.topic: Destroying...
TestTerraformKafkaTopicsExample 2022-08-04T18:51:47Z logger.go:66: module.kafka_topic.kubernetes_manifest.topic: Destruction complete after 1s
TestTerraformKafkaTopicsExample 2022-08-04T18:51:47Z logger.go:66: module.other_kafka_topic.kubernetes_manifest.topic: Destruction complete after 1s
TestTerraformKafkaTopicsExample 2022-08-04T18:51:47Z logger.go:66: module.confluent_platform.kubernetes_manifest.components["zookeeper"]: Destroying...
TestTerraformKafkaTopicsExample 2022-08-04T18:51:48Z logger.go:66: module.confluent_platform.kubernetes_manifest.components["kafka"]: Destroying...
TestTerraformKafkaTopicsExample 2022-08-04T18:51:48Z logger.go:66: module.confluent_platform.kubernetes_manifest.components["zookeeper"]: Destruction complete after 1s
TestTerraformKafkaTopicsExample 2022-08-04T18:51:49Z logger.go:66: module.confluent_platform.kubernetes_manifest.components["kafka"]: Destruction complete after 1s
TestTerraformKafkaTopicsExample 2022-08-04T18:51:49Z logger.go:66: module.confluent_platform.module.confluent_operator[0].helm_release.confluent_operator[0]: Destroying... [id=confluent-operator]
TestTerraformKafkaTopicsExample 2022-08-04T18:51:50Z logger.go:66: module.confluent_platform.module.confluent_operator[0].helm_release.confluent_operator[0]: Destruction complete after 2s
TestTerraformKafkaTopicsExample 2022-08-04T18:51:50Z logger.go:66: module.confluent_platform.module.confluent_operator[0].kubernetes_namespace_v1.namespace[0]: Destroying... [id=confluent]
TestTerraformKafkaTopicsExample 2022-08-04T18:52:00Z logger.go:66: module.confluent_platform.module.confluent_operator[0].kubernetes_namespace_v1.namespace[0]: Still destroying... [id=confluent, 10s elapsed]
TestTerraformKafkaTopicsExample 2022-08-04T18:52:10Z logger.go:66: module.confluent_platform.module.confluent_operator[0].kubernetes_namespace_v1.namespace[0]: Still destroying... [id=confluent, 20s elapsed]
TestTerraformKafkaTopicsExample 2022-08-04T18:52:20Z logger.go:66: module.confluent_platform.module.confluent_operator[0].kubernetes_namespace_v1.namespace[0]: Still destroying... [id=confluent, 30s elapsed]
TestTerraformKafkaTopicsExample 2022-08-04T18:52:23Z logger.go:66: module.confluent_platform.module.confluent_operator[0].kubernetes_namespace_v1.namespace[0]: Destruction complete after 33s
TestTerraformKafkaTopicsExample 2022-08-04T18:52:23Z logger.go:66:
TestTerraformKafkaTopicsExample 2022-08-04T18:52:23Z logger.go:66: Destroy complete! Resources: 6 destroyed.
--- PASS: TestTerraformKafkaTopicsExample (168.37s)
PASS
ok  	command-line-arguments	168.427s
