=== RUN   TestTerraformKafkaTopicsExample
TestTerraformKafkaTopicsExample 2022-08-03T15:21:39Z retry.go:91: terraform [init -upgrade=false]
TestTerraformKafkaTopicsExample 2022-08-03T15:21:39Z logger.go:66: Running command terraform with args [init -upgrade=false]
TestTerraformKafkaTopicsExample 2022-08-03T15:21:39Z logger.go:66: [0m[1mInitializing modules...[0m
TestTerraformKafkaTopicsExample 2022-08-03T15:21:40Z logger.go:66:
TestTerraformKafkaTopicsExample 2022-08-03T15:21:40Z logger.go:66: [0m[1mInitializing the backend...[0m
TestTerraformKafkaTopicsExample 2022-08-03T15:21:40Z logger.go:66:
TestTerraformKafkaTopicsExample 2022-08-03T15:21:40Z logger.go:66: [0m[1mInitializing provider plugins...[0m
TestTerraformKafkaTopicsExample 2022-08-03T15:21:40Z logger.go:66: - Reusing previous version of hashicorp/kubernetes from the dependency lock file
TestTerraformKafkaTopicsExample 2022-08-03T15:21:41Z logger.go:66: - Reusing previous version of hashicorp/helm from the dependency lock file
TestTerraformKafkaTopicsExample 2022-08-03T15:21:41Z logger.go:66: - Using previously-installed hashicorp/kubernetes v2.12.1
TestTerraformKafkaTopicsExample 2022-08-03T15:21:41Z logger.go:66: - Using previously-installed hashicorp/helm v2.6.0
TestTerraformKafkaTopicsExample 2022-08-03T15:21:41Z logger.go:66:
TestTerraformKafkaTopicsExample 2022-08-03T15:21:41Z logger.go:66: [0m[1m[32mTerraform has been successfully initialized![0m[32m[0m
TestTerraformKafkaTopicsExample 2022-08-03T15:21:41Z logger.go:66: [0m[32m
TestTerraformKafkaTopicsExample 2022-08-03T15:21:41Z logger.go:66: You may now begin working with Terraform. Try running "terraform plan" to see
TestTerraformKafkaTopicsExample 2022-08-03T15:21:41Z logger.go:66: any changes that are required for your infrastructure. All Terraform commands
TestTerraformKafkaTopicsExample 2022-08-03T15:21:41Z logger.go:66: should now work.
TestTerraformKafkaTopicsExample 2022-08-03T15:21:41Z logger.go:66:
TestTerraformKafkaTopicsExample 2022-08-03T15:21:41Z logger.go:66: If you ever set or change modules or backend configuration for Terraform,
TestTerraformKafkaTopicsExample 2022-08-03T15:21:41Z logger.go:66: rerun this command to reinitialize your working directory. If you forget, other
TestTerraformKafkaTopicsExample 2022-08-03T15:21:41Z logger.go:66: commands will detect it and remind you to do so if necessary.[0m
TestTerraformKafkaTopicsExample 2022-08-03T15:21:41Z retry.go:91: terraform [apply -input=false -auto-approve -no-color -lock=false]
TestTerraformKafkaTopicsExample 2022-08-03T15:21:41Z logger.go:66: Running command terraform with args [apply -input=false -auto-approve -no-color -lock=false]
TestTerraformKafkaTopicsExample 2022-08-03T15:21:52Z logger.go:66:
TestTerraformKafkaTopicsExample 2022-08-03T15:21:52Z logger.go:66: Terraform used the selected providers to generate the following execution
TestTerraformKafkaTopicsExample 2022-08-03T15:21:52Z logger.go:66: plan. Resource actions are indicated with the following symbols:
TestTerraformKafkaTopicsExample 2022-08-03T15:21:52Z logger.go:66:   + create
TestTerraformKafkaTopicsExample 2022-08-03T15:21:52Z logger.go:66:  <= read (data resources)
TestTerraformKafkaTopicsExample 2022-08-03T15:21:52Z logger.go:66:
TestTerraformKafkaTopicsExample 2022-08-03T15:21:52Z logger.go:66: Terraform will perform the following actions:
TestTerraformKafkaTopicsExample 2022-08-03T15:21:52Z logger.go:66:
TestTerraformKafkaTopicsExample 2022-08-03T15:21:52Z logger.go:66:   # module.kafka_topic.data.kubernetes_resource.topic will be read during apply
TestTerraformKafkaTopicsExample 2022-08-03T15:21:52Z logger.go:66:   # (depends on a resource or a module with changes pending)
TestTerraformKafkaTopicsExample 2022-08-03T15:21:52Z logger.go:66:  <= data "kubernetes_resource" "topic" {
TestTerraformKafkaTopicsExample 2022-08-03T15:21:52Z logger.go:66:       + api_version = "platform.confluent.io/v1beta1"
TestTerraformKafkaTopicsExample 2022-08-03T15:21:52Z logger.go:66:       + kind        = "KafkaTopic"
TestTerraformKafkaTopicsExample 2022-08-03T15:21:52Z logger.go:66:       + object      = (known after apply)
TestTerraformKafkaTopicsExample 2022-08-03T15:21:52Z logger.go:66:
TestTerraformKafkaTopicsExample 2022-08-03T15:21:52Z logger.go:66:       + metadata {
TestTerraformKafkaTopicsExample 2022-08-03T15:21:52Z logger.go:66:           + name      = "my-topic"
TestTerraformKafkaTopicsExample 2022-08-03T15:21:52Z logger.go:66:           + namespace = "confluent"
TestTerraformKafkaTopicsExample 2022-08-03T15:21:52Z logger.go:66:         }
TestTerraformKafkaTopicsExample 2022-08-03T15:21:52Z logger.go:66:     }
TestTerraformKafkaTopicsExample 2022-08-03T15:21:52Z logger.go:66:
TestTerraformKafkaTopicsExample 2022-08-03T15:21:52Z logger.go:66:   # module.kafka_topic.kubernetes_manifest.topic will be created
TestTerraformKafkaTopicsExample 2022-08-03T15:21:52Z logger.go:66:   + resource "kubernetes_manifest" "topic" {
TestTerraformKafkaTopicsExample 2022-08-03T15:21:52Z logger.go:66:       + computed_fields = [
TestTerraformKafkaTopicsExample 2022-08-03T15:21:52Z logger.go:66:           + "metadata.finalizers",
TestTerraformKafkaTopicsExample 2022-08-03T15:21:52Z logger.go:66:         ]
TestTerraformKafkaTopicsExample 2022-08-03T15:21:52Z logger.go:66:       + manifest        = {
TestTerraformKafkaTopicsExample 2022-08-03T15:21:52Z logger.go:66:           + apiVersion = "platform.confluent.io/v1beta1"
TestTerraformKafkaTopicsExample 2022-08-03T15:21:52Z logger.go:66:           + kind       = "KafkaTopic"
TestTerraformKafkaTopicsExample 2022-08-03T15:21:52Z logger.go:66:           + metadata   = {
TestTerraformKafkaTopicsExample 2022-08-03T15:21:52Z logger.go:66:               + name      = "my-topic"
TestTerraformKafkaTopicsExample 2022-08-03T15:21:52Z logger.go:66:               + namespace = "confluent"
TestTerraformKafkaTopicsExample 2022-08-03T15:21:52Z logger.go:66:             }
TestTerraformKafkaTopicsExample 2022-08-03T15:21:52Z logger.go:66:           + spec       = {
TestTerraformKafkaTopicsExample 2022-08-03T15:21:52Z logger.go:66:               + configs        = {
TestTerraformKafkaTopicsExample 2022-08-03T15:21:52Z logger.go:66:                   + "cleanup.policy" = "delete"
TestTerraformKafkaTopicsExample 2022-08-03T15:21:52Z logger.go:66:                 }
TestTerraformKafkaTopicsExample 2022-08-03T15:21:52Z logger.go:66:               + partitionCount = 3
TestTerraformKafkaTopicsExample 2022-08-03T15:21:52Z logger.go:66:               + replicas       = 3
TestTerraformKafkaTopicsExample 2022-08-03T15:21:52Z logger.go:66:             }
TestTerraformKafkaTopicsExample 2022-08-03T15:21:52Z logger.go:66:         }
TestTerraformKafkaTopicsExample 2022-08-03T15:21:52Z logger.go:66:       + object          = {
TestTerraformKafkaTopicsExample 2022-08-03T15:21:52Z logger.go:66:           + apiVersion = "platform.confluent.io/v1beta1"
TestTerraformKafkaTopicsExample 2022-08-03T15:21:52Z logger.go:66:           + kind       = "KafkaTopic"
TestTerraformKafkaTopicsExample 2022-08-03T15:21:52Z logger.go:66:           + metadata   = {
TestTerraformKafkaTopicsExample 2022-08-03T15:21:52Z logger.go:66:               + annotations                = (known after apply)
TestTerraformKafkaTopicsExample 2022-08-03T15:21:52Z logger.go:66:               + clusterName                = (known after apply)
TestTerraformKafkaTopicsExample 2022-08-03T15:21:52Z logger.go:66:               + creationTimestamp          = (known after apply)
TestTerraformKafkaTopicsExample 2022-08-03T15:21:52Z logger.go:66:               + deletionGracePeriodSeconds = (known after apply)
TestTerraformKafkaTopicsExample 2022-08-03T15:21:52Z logger.go:66:               + deletionTimestamp          = (known after apply)
TestTerraformKafkaTopicsExample 2022-08-03T15:21:52Z logger.go:66:               + finalizers                 = (known after apply)
TestTerraformKafkaTopicsExample 2022-08-03T15:21:52Z logger.go:66:               + generateName               = (known after apply)
TestTerraformKafkaTopicsExample 2022-08-03T15:21:52Z logger.go:66:               + generation                 = (known after apply)
TestTerraformKafkaTopicsExample 2022-08-03T15:21:52Z logger.go:66:               + labels                     = (known after apply)
TestTerraformKafkaTopicsExample 2022-08-03T15:21:52Z logger.go:66:               + managedFields              = (known after apply)
TestTerraformKafkaTopicsExample 2022-08-03T15:21:52Z logger.go:66:               + name                       = "my-topic"
TestTerraformKafkaTopicsExample 2022-08-03T15:21:52Z logger.go:66:               + namespace                  = "confluent"
TestTerraformKafkaTopicsExample 2022-08-03T15:21:52Z logger.go:66:               + ownerReferences            = (known after apply)
TestTerraformKafkaTopicsExample 2022-08-03T15:21:52Z logger.go:66:               + resourceVersion            = (known after apply)
TestTerraformKafkaTopicsExample 2022-08-03T15:21:52Z logger.go:66:               + selfLink                   = (known after apply)
TestTerraformKafkaTopicsExample 2022-08-03T15:21:52Z logger.go:66:               + uid                        = (known after apply)
TestTerraformKafkaTopicsExample 2022-08-03T15:21:52Z logger.go:66:             }
TestTerraformKafkaTopicsExample 2022-08-03T15:21:52Z logger.go:66:           + spec       = {
TestTerraformKafkaTopicsExample 2022-08-03T15:21:52Z logger.go:66:               + configs           = {
TestTerraformKafkaTopicsExample 2022-08-03T15:21:52Z logger.go:66:                   + "cleanup.policy" = "delete"
TestTerraformKafkaTopicsExample 2022-08-03T15:21:52Z logger.go:66:                 }
TestTerraformKafkaTopicsExample 2022-08-03T15:21:52Z logger.go:66:               + kafkaClusterRef   = {
TestTerraformKafkaTopicsExample 2022-08-03T15:21:52Z logger.go:66:                   + name      = (known after apply)
TestTerraformKafkaTopicsExample 2022-08-03T15:21:52Z logger.go:66:                   + namespace = (known after apply)
TestTerraformKafkaTopicsExample 2022-08-03T15:21:52Z logger.go:66:                 }
TestTerraformKafkaTopicsExample 2022-08-03T15:21:52Z logger.go:66:               + kafkaRest         = {
TestTerraformKafkaTopicsExample 2022-08-03T15:21:52Z logger.go:66:                   + authentication = {
TestTerraformKafkaTopicsExample 2022-08-03T15:21:52Z logger.go:66:                       + basic  = {
TestTerraformKafkaTopicsExample 2022-08-03T15:21:52Z logger.go:66:                           + debug                    = (known after apply)
TestTerraformKafkaTopicsExample 2022-08-03T15:21:52Z logger.go:66:                           + directoryPathInContainer = (known after apply)
TestTerraformKafkaTopicsExample 2022-08-03T15:21:52Z logger.go:66:                           + restrictedRoles          = (known after apply)
TestTerraformKafkaTopicsExample 2022-08-03T15:21:52Z logger.go:66:                           + roles                    = (known after apply)
TestTerraformKafkaTopicsExample 2022-08-03T15:21:52Z logger.go:66:                           + secretRef                = (known after apply)
TestTerraformKafkaTopicsExample 2022-08-03T15:21:52Z logger.go:66:                         }
TestTerraformKafkaTopicsExample 2022-08-03T15:21:52Z logger.go:66:                       + bearer = {
TestTerraformKafkaTopicsExample 2022-08-03T15:21:52Z logger.go:66:                           + directoryPathInContainer = (known after apply)
TestTerraformKafkaTopicsExample 2022-08-03T15:21:52Z logger.go:66:                           + secretRef                = (known after apply)
TestTerraformKafkaTopicsExample 2022-08-03T15:21:52Z logger.go:66:                         }
TestTerraformKafkaTopicsExample 2022-08-03T15:21:52Z logger.go:66:                       + type   = (known after apply)
TestTerraformKafkaTopicsExample 2022-08-03T15:21:52Z logger.go:66:                     }
TestTerraformKafkaTopicsExample 2022-08-03T15:21:52Z logger.go:66:                   + endpoint       = (known after apply)
TestTerraformKafkaTopicsExample 2022-08-03T15:21:52Z logger.go:66:                   + kafkaClusterID = (known after apply)
TestTerraformKafkaTopicsExample 2022-08-03T15:21:52Z logger.go:66:                   + tls            = {
TestTerraformKafkaTopicsExample 2022-08-03T15:21:52Z logger.go:66:                       + directoryPathInContainer = (known after apply)
TestTerraformKafkaTopicsExample 2022-08-03T15:21:52Z logger.go:66:                       + jksPassword              = {
TestTerraformKafkaTopicsExample 2022-08-03T15:21:52Z logger.go:66:                           + secretRef = (known after apply)
TestTerraformKafkaTopicsExample 2022-08-03T15:21:52Z logger.go:66:                         }
TestTerraformKafkaTopicsExample 2022-08-03T15:21:52Z logger.go:66:                       + secretRef                = (known after apply)
TestTerraformKafkaTopicsExample 2022-08-03T15:21:52Z logger.go:66:                     }
TestTerraformKafkaTopicsExample 2022-08-03T15:21:52Z logger.go:66:                 }
TestTerraformKafkaTopicsExample 2022-08-03T15:21:52Z logger.go:66:               + kafkaRestClassRef = {
TestTerraformKafkaTopicsExample 2022-08-03T15:21:52Z logger.go:66:                   + name      = (known after apply)
TestTerraformKafkaTopicsExample 2022-08-03T15:21:52Z logger.go:66:                   + namespace = (known after apply)
TestTerraformKafkaTopicsExample 2022-08-03T15:21:52Z logger.go:66:                 }
TestTerraformKafkaTopicsExample 2022-08-03T15:21:52Z logger.go:66:               + name              = (known after apply)
TestTerraformKafkaTopicsExample 2022-08-03T15:21:52Z logger.go:66:               + partitionCount    = 3
TestTerraformKafkaTopicsExample 2022-08-03T15:21:52Z logger.go:66:               + replicas          = 3
TestTerraformKafkaTopicsExample 2022-08-03T15:21:52Z logger.go:66:             }
TestTerraformKafkaTopicsExample 2022-08-03T15:21:52Z logger.go:66:         }
TestTerraformKafkaTopicsExample 2022-08-03T15:21:52Z logger.go:66:
TestTerraformKafkaTopicsExample 2022-08-03T15:21:52Z logger.go:66:       + timeouts {
TestTerraformKafkaTopicsExample 2022-08-03T15:21:52Z logger.go:66:           + create = "5m"
TestTerraformKafkaTopicsExample 2022-08-03T15:21:52Z logger.go:66:           + delete = "5m"
TestTerraformKafkaTopicsExample 2022-08-03T15:21:52Z logger.go:66:           + update = "5m"
TestTerraformKafkaTopicsExample 2022-08-03T15:21:52Z logger.go:66:         }
TestTerraformKafkaTopicsExample 2022-08-03T15:21:52Z logger.go:66:
TestTerraformKafkaTopicsExample 2022-08-03T15:21:52Z logger.go:66:       + wait {
TestTerraformKafkaTopicsExample 2022-08-03T15:21:52Z logger.go:66:           + fields = {
TestTerraformKafkaTopicsExample 2022-08-03T15:21:52Z logger.go:66:               + "status.state" = "CREATED"
TestTerraformKafkaTopicsExample 2022-08-03T15:21:52Z logger.go:66:             }
TestTerraformKafkaTopicsExample 2022-08-03T15:21:52Z logger.go:66:         }
TestTerraformKafkaTopicsExample 2022-08-03T15:21:52Z logger.go:66:     }
TestTerraformKafkaTopicsExample 2022-08-03T15:21:52Z logger.go:66:
TestTerraformKafkaTopicsExample 2022-08-03T15:21:52Z logger.go:66:   # module.other_kafka_topic.data.kubernetes_resource.topic will be read during apply
TestTerraformKafkaTopicsExample 2022-08-03T15:21:52Z logger.go:66:   # (depends on a resource or a module with changes pending)
TestTerraformKafkaTopicsExample 2022-08-03T15:21:52Z logger.go:66:  <= data "kubernetes_resource" "topic" {
TestTerraformKafkaTopicsExample 2022-08-03T15:21:52Z logger.go:66:       + api_version = "platform.confluent.io/v1beta1"
TestTerraformKafkaTopicsExample 2022-08-03T15:21:52Z logger.go:66:       + kind        = "KafkaTopic"
TestTerraformKafkaTopicsExample 2022-08-03T15:21:52Z logger.go:66:       + object      = (known after apply)
TestTerraformKafkaTopicsExample 2022-08-03T15:21:52Z logger.go:66:
TestTerraformKafkaTopicsExample 2022-08-03T15:21:52Z logger.go:66:       + metadata {
TestTerraformKafkaTopicsExample 2022-08-03T15:21:52Z logger.go:66:           + name      = "my-other-topic"
TestTerraformKafkaTopicsExample 2022-08-03T15:21:52Z logger.go:66:           + namespace = "confluent"
TestTerraformKafkaTopicsExample 2022-08-03T15:21:52Z logger.go:66:         }
TestTerraformKafkaTopicsExample 2022-08-03T15:21:52Z logger.go:66:     }
TestTerraformKafkaTopicsExample 2022-08-03T15:21:52Z logger.go:66:
TestTerraformKafkaTopicsExample 2022-08-03T15:21:52Z logger.go:66:   # module.other_kafka_topic.kubernetes_manifest.topic will be created
TestTerraformKafkaTopicsExample 2022-08-03T15:21:52Z logger.go:66:   + resource "kubernetes_manifest" "topic" {
TestTerraformKafkaTopicsExample 2022-08-03T15:21:52Z logger.go:66:       + computed_fields = [
TestTerraformKafkaTopicsExample 2022-08-03T15:21:52Z logger.go:66:           + "metadata.finalizers",
TestTerraformKafkaTopicsExample 2022-08-03T15:21:52Z logger.go:66:         ]
TestTerraformKafkaTopicsExample 2022-08-03T15:21:52Z logger.go:66:       + manifest        = {
TestTerraformKafkaTopicsExample 2022-08-03T15:21:52Z logger.go:66:           + apiVersion = "platform.confluent.io/v1beta1"
TestTerraformKafkaTopicsExample 2022-08-03T15:21:52Z logger.go:66:           + kind       = "KafkaTopic"
TestTerraformKafkaTopicsExample 2022-08-03T15:21:52Z logger.go:66:           + metadata   = {
TestTerraformKafkaTopicsExample 2022-08-03T15:21:52Z logger.go:66:               + name      = "my-other-topic"
TestTerraformKafkaTopicsExample 2022-08-03T15:21:52Z logger.go:66:               + namespace = "confluent"
TestTerraformKafkaTopicsExample 2022-08-03T15:21:52Z logger.go:66:             }
TestTerraformKafkaTopicsExample 2022-08-03T15:21:52Z logger.go:66:           + spec       = {
TestTerraformKafkaTopicsExample 2022-08-03T15:21:52Z logger.go:66:               + configs        = {
TestTerraformKafkaTopicsExample 2022-08-03T15:21:52Z logger.go:66:                   + "cleanup.policy" = "compact"
TestTerraformKafkaTopicsExample 2022-08-03T15:21:52Z logger.go:66:                 }
TestTerraformKafkaTopicsExample 2022-08-03T15:21:52Z logger.go:66:               + kafkaRest      = {
TestTerraformKafkaTopicsExample 2022-08-03T15:21:52Z logger.go:66:                   + endpoint = "http://kafka.confluent.svc.cluster.local:8090"
TestTerraformKafkaTopicsExample 2022-08-03T15:21:52Z logger.go:66:                 }
TestTerraformKafkaTopicsExample 2022-08-03T15:21:52Z logger.go:66:               + partitionCount = 4
TestTerraformKafkaTopicsExample 2022-08-03T15:21:52Z logger.go:66:               + replicas       = 3
TestTerraformKafkaTopicsExample 2022-08-03T15:21:52Z logger.go:66:             }
TestTerraformKafkaTopicsExample 2022-08-03T15:21:52Z logger.go:66:         }
TestTerraformKafkaTopicsExample 2022-08-03T15:21:52Z logger.go:66:       + object          = {
TestTerraformKafkaTopicsExample 2022-08-03T15:21:52Z logger.go:66:           + apiVersion = "platform.confluent.io/v1beta1"
TestTerraformKafkaTopicsExample 2022-08-03T15:21:52Z logger.go:66:           + kind       = "KafkaTopic"
TestTerraformKafkaTopicsExample 2022-08-03T15:21:52Z logger.go:66:           + metadata   = {
TestTerraformKafkaTopicsExample 2022-08-03T15:21:52Z logger.go:66:               + annotations                = (known after apply)
TestTerraformKafkaTopicsExample 2022-08-03T15:21:52Z logger.go:66:               + clusterName                = (known after apply)
TestTerraformKafkaTopicsExample 2022-08-03T15:21:52Z logger.go:66:               + creationTimestamp          = (known after apply)
TestTerraformKafkaTopicsExample 2022-08-03T15:21:52Z logger.go:66:               + deletionGracePeriodSeconds = (known after apply)
TestTerraformKafkaTopicsExample 2022-08-03T15:21:52Z logger.go:66:               + deletionTimestamp          = (known after apply)
TestTerraformKafkaTopicsExample 2022-08-03T15:21:52Z logger.go:66:               + finalizers                 = (known after apply)
TestTerraformKafkaTopicsExample 2022-08-03T15:21:52Z logger.go:66:               + generateName               = (known after apply)
TestTerraformKafkaTopicsExample 2022-08-03T15:21:52Z logger.go:66:               + generation                 = (known after apply)
TestTerraformKafkaTopicsExample 2022-08-03T15:21:52Z logger.go:66:               + labels                     = (known after apply)
TestTerraformKafkaTopicsExample 2022-08-03T15:21:52Z logger.go:66:               + managedFields              = (known after apply)
TestTerraformKafkaTopicsExample 2022-08-03T15:21:52Z logger.go:66:               + name                       = "my-other-topic"
TestTerraformKafkaTopicsExample 2022-08-03T15:21:52Z logger.go:66:               + namespace                  = "confluent"
TestTerraformKafkaTopicsExample 2022-08-03T15:21:52Z logger.go:66:               + ownerReferences            = (known after apply)
TestTerraformKafkaTopicsExample 2022-08-03T15:21:52Z logger.go:66:               + resourceVersion            = (known after apply)
TestTerraformKafkaTopicsExample 2022-08-03T15:21:52Z logger.go:66:               + selfLink                   = (known after apply)
TestTerraformKafkaTopicsExample 2022-08-03T15:21:52Z logger.go:66:               + uid                        = (known after apply)
TestTerraformKafkaTopicsExample 2022-08-03T15:21:52Z logger.go:66:             }
TestTerraformKafkaTopicsExample 2022-08-03T15:21:52Z logger.go:66:           + spec       = {
TestTerraformKafkaTopicsExample 2022-08-03T15:21:52Z logger.go:66:               + configs           = {
TestTerraformKafkaTopicsExample 2022-08-03T15:21:52Z logger.go:66:                   + "cleanup.policy" = "compact"
TestTerraformKafkaTopicsExample 2022-08-03T15:21:52Z logger.go:66:                 }
TestTerraformKafkaTopicsExample 2022-08-03T15:21:52Z logger.go:66:               + kafkaClusterRef   = {
TestTerraformKafkaTopicsExample 2022-08-03T15:21:52Z logger.go:66:                   + name      = (known after apply)
TestTerraformKafkaTopicsExample 2022-08-03T15:21:52Z logger.go:66:                   + namespace = (known after apply)
TestTerraformKafkaTopicsExample 2022-08-03T15:21:52Z logger.go:66:                 }
TestTerraformKafkaTopicsExample 2022-08-03T15:21:52Z logger.go:66:               + kafkaRest         = {
TestTerraformKafkaTopicsExample 2022-08-03T15:21:52Z logger.go:66:                   + authentication = {
TestTerraformKafkaTopicsExample 2022-08-03T15:21:52Z logger.go:66:                       + basic  = {
TestTerraformKafkaTopicsExample 2022-08-03T15:21:52Z logger.go:66:                           + debug                    = (known after apply)
TestTerraformKafkaTopicsExample 2022-08-03T15:21:52Z logger.go:66:                           + directoryPathInContainer = (known after apply)
TestTerraformKafkaTopicsExample 2022-08-03T15:21:52Z logger.go:66:                           + restrictedRoles          = (known after apply)
TestTerraformKafkaTopicsExample 2022-08-03T15:21:52Z logger.go:66:                           + roles                    = (known after apply)
TestTerraformKafkaTopicsExample 2022-08-03T15:21:52Z logger.go:66:                           + secretRef                = (known after apply)
TestTerraformKafkaTopicsExample 2022-08-03T15:21:52Z logger.go:66:                         }
TestTerraformKafkaTopicsExample 2022-08-03T15:21:52Z logger.go:66:                       + bearer = {
TestTerraformKafkaTopicsExample 2022-08-03T15:21:52Z logger.go:66:                           + directoryPathInContainer = (known after apply)
TestTerraformKafkaTopicsExample 2022-08-03T15:21:52Z logger.go:66:                           + secretRef                = (known after apply)
TestTerraformKafkaTopicsExample 2022-08-03T15:21:52Z logger.go:66:                         }
TestTerraformKafkaTopicsExample 2022-08-03T15:21:52Z logger.go:66:                       + type   = (known after apply)
TestTerraformKafkaTopicsExample 2022-08-03T15:21:52Z logger.go:66:                     }
TestTerraformKafkaTopicsExample 2022-08-03T15:21:52Z logger.go:66:                   + endpoint       = "http://kafka.confluent.svc.cluster.local:8090"
TestTerraformKafkaTopicsExample 2022-08-03T15:21:52Z logger.go:66:                   + kafkaClusterID = (known after apply)
TestTerraformKafkaTopicsExample 2022-08-03T15:21:52Z logger.go:66:                   + tls            = {
TestTerraformKafkaTopicsExample 2022-08-03T15:21:52Z logger.go:66:                       + directoryPathInContainer = (known after apply)
TestTerraformKafkaTopicsExample 2022-08-03T15:21:52Z logger.go:66:                       + jksPassword              = {
TestTerraformKafkaTopicsExample 2022-08-03T15:21:52Z logger.go:66:                           + secretRef = (known after apply)
TestTerraformKafkaTopicsExample 2022-08-03T15:21:52Z logger.go:66:                         }
TestTerraformKafkaTopicsExample 2022-08-03T15:21:52Z logger.go:66:                       + secretRef                = (known after apply)
TestTerraformKafkaTopicsExample 2022-08-03T15:21:52Z logger.go:66:                     }
TestTerraformKafkaTopicsExample 2022-08-03T15:21:52Z logger.go:66:                 }
TestTerraformKafkaTopicsExample 2022-08-03T15:21:52Z logger.go:66:               + kafkaRestClassRef = {
TestTerraformKafkaTopicsExample 2022-08-03T15:21:52Z logger.go:66:                   + name      = (known after apply)
TestTerraformKafkaTopicsExample 2022-08-03T15:21:52Z logger.go:66:                   + namespace = (known after apply)
TestTerraformKafkaTopicsExample 2022-08-03T15:21:52Z logger.go:66:                 }
TestTerraformKafkaTopicsExample 2022-08-03T15:21:52Z logger.go:66:               + name              = (known after apply)
TestTerraformKafkaTopicsExample 2022-08-03T15:21:52Z logger.go:66:               + partitionCount    = 4
TestTerraformKafkaTopicsExample 2022-08-03T15:21:52Z logger.go:66:               + replicas          = 3
TestTerraformKafkaTopicsExample 2022-08-03T15:21:52Z logger.go:66:             }
TestTerraformKafkaTopicsExample 2022-08-03T15:21:52Z logger.go:66:         }
TestTerraformKafkaTopicsExample 2022-08-03T15:21:52Z logger.go:66:
TestTerraformKafkaTopicsExample 2022-08-03T15:21:52Z logger.go:66:       + timeouts {
TestTerraformKafkaTopicsExample 2022-08-03T15:21:52Z logger.go:66:           + create = "5m"
TestTerraformKafkaTopicsExample 2022-08-03T15:21:52Z logger.go:66:           + delete = "5m"
TestTerraformKafkaTopicsExample 2022-08-03T15:21:52Z logger.go:66:           + update = "5m"
TestTerraformKafkaTopicsExample 2022-08-03T15:21:52Z logger.go:66:         }
TestTerraformKafkaTopicsExample 2022-08-03T15:21:52Z logger.go:66:
TestTerraformKafkaTopicsExample 2022-08-03T15:21:52Z logger.go:66:       + wait {
TestTerraformKafkaTopicsExample 2022-08-03T15:21:52Z logger.go:66:           + fields = {
TestTerraformKafkaTopicsExample 2022-08-03T15:21:52Z logger.go:66:               + "status.state" = "CREATED"
TestTerraformKafkaTopicsExample 2022-08-03T15:21:52Z logger.go:66:             }
TestTerraformKafkaTopicsExample 2022-08-03T15:21:52Z logger.go:66:         }
TestTerraformKafkaTopicsExample 2022-08-03T15:21:52Z logger.go:66:     }
TestTerraformKafkaTopicsExample 2022-08-03T15:21:52Z logger.go:66:
TestTerraformKafkaTopicsExample 2022-08-03T15:21:52Z logger.go:66:   # module.confluent_platform.module.confluent_platform.data.kubernetes_resource.components["connect"] will be read during apply
TestTerraformKafkaTopicsExample 2022-08-03T15:21:52Z logger.go:66:   # (depends on a resource or a module with changes pending)
TestTerraformKafkaTopicsExample 2022-08-03T15:21:52Z logger.go:66:  <= data "kubernetes_resource" "components" {
TestTerraformKafkaTopicsExample 2022-08-03T15:21:52Z logger.go:66:       + api_version = "platform.confluent.io/v1beta1"
TestTerraformKafkaTopicsExample 2022-08-03T15:21:52Z logger.go:66:       + kind        = "Connect"
TestTerraformKafkaTopicsExample 2022-08-03T15:21:52Z logger.go:66:       + object      = (known after apply)
TestTerraformKafkaTopicsExample 2022-08-03T15:21:52Z logger.go:66:
TestTerraformKafkaTopicsExample 2022-08-03T15:21:52Z logger.go:66:       + metadata {
TestTerraformKafkaTopicsExample 2022-08-03T15:21:52Z logger.go:66:           + name      = "connect"
TestTerraformKafkaTopicsExample 2022-08-03T15:21:52Z logger.go:66:           + namespace = "confluent"
TestTerraformKafkaTopicsExample 2022-08-03T15:21:52Z logger.go:66:         }
TestTerraformKafkaTopicsExample 2022-08-03T15:21:52Z logger.go:66:     }
TestTerraformKafkaTopicsExample 2022-08-03T15:21:52Z logger.go:66:
TestTerraformKafkaTopicsExample 2022-08-03T15:21:52Z logger.go:66:   # module.confluent_platform.module.confluent_platform.data.kubernetes_resource.components["controlcenter"] will be read during apply
TestTerraformKafkaTopicsExample 2022-08-03T15:21:52Z logger.go:66:   # (depends on a resource or a module with changes pending)
TestTerraformKafkaTopicsExample 2022-08-03T15:21:52Z logger.go:66:  <= data "kubernetes_resource" "components" {
TestTerraformKafkaTopicsExample 2022-08-03T15:21:52Z logger.go:66:       + api_version = "platform.confluent.io/v1beta1"
TestTerraformKafkaTopicsExample 2022-08-03T15:21:52Z logger.go:66:       + kind        = "ControlCenter"
TestTerraformKafkaTopicsExample 2022-08-03T15:21:52Z logger.go:66:       + object      = (known after apply)
TestTerraformKafkaTopicsExample 2022-08-03T15:21:52Z logger.go:66:
TestTerraformKafkaTopicsExample 2022-08-03T15:21:52Z logger.go:66:       + metadata {
TestTerraformKafkaTopicsExample 2022-08-03T15:21:52Z logger.go:66:           + name      = "controlcenter"
TestTerraformKafkaTopicsExample 2022-08-03T15:21:52Z logger.go:66:           + namespace = "confluent"
TestTerraformKafkaTopicsExample 2022-08-03T15:21:52Z logger.go:66:         }
TestTerraformKafkaTopicsExample 2022-08-03T15:21:52Z logger.go:66:     }
TestTerraformKafkaTopicsExample 2022-08-03T15:21:52Z logger.go:66:
TestTerraformKafkaTopicsExample 2022-08-03T15:21:52Z logger.go:66:   # module.confluent_platform.module.confluent_platform.data.kubernetes_resource.components["kafka"] will be read during apply
TestTerraformKafkaTopicsExample 2022-08-03T15:21:52Z logger.go:66:   # (depends on a resource or a module with changes pending)
TestTerraformKafkaTopicsExample 2022-08-03T15:21:52Z logger.go:66:  <= data "kubernetes_resource" "components" {
TestTerraformKafkaTopicsExample 2022-08-03T15:21:52Z logger.go:66:       + api_version = "platform.confluent.io/v1beta1"
TestTerraformKafkaTopicsExample 2022-08-03T15:21:52Z logger.go:66:       + kind        = "Kafka"
TestTerraformKafkaTopicsExample 2022-08-03T15:21:52Z logger.go:66:       + object      = (known after apply)
TestTerraformKafkaTopicsExample 2022-08-03T15:21:52Z logger.go:66:
TestTerraformKafkaTopicsExample 2022-08-03T15:21:52Z logger.go:66:       + metadata {
TestTerraformKafkaTopicsExample 2022-08-03T15:21:52Z logger.go:66:           + name      = "kafka"
TestTerraformKafkaTopicsExample 2022-08-03T15:21:52Z logger.go:66:           + namespace = "confluent"
TestTerraformKafkaTopicsExample 2022-08-03T15:21:52Z logger.go:66:         }
TestTerraformKafkaTopicsExample 2022-08-03T15:21:52Z logger.go:66:     }
TestTerraformKafkaTopicsExample 2022-08-03T15:21:52Z logger.go:66:
TestTerraformKafkaTopicsExample 2022-08-03T15:21:52Z logger.go:66:   # module.confluent_platform.module.confluent_platform.data.kubernetes_resource.components["kafkarestproxy"] will be read during apply
TestTerraformKafkaTopicsExample 2022-08-03T15:21:52Z logger.go:66:   # (depends on a resource or a module with changes pending)
TestTerraformKafkaTopicsExample 2022-08-03T15:21:52Z logger.go:66:  <= data "kubernetes_resource" "components" {
TestTerraformKafkaTopicsExample 2022-08-03T15:21:52Z logger.go:66:       + api_version = "platform.confluent.io/v1beta1"
TestTerraformKafkaTopicsExample 2022-08-03T15:21:52Z logger.go:66:       + kind        = "KafkaRestProxy"
TestTerraformKafkaTopicsExample 2022-08-03T15:21:52Z logger.go:66:       + object      = (known after apply)
TestTerraformKafkaTopicsExample 2022-08-03T15:21:52Z logger.go:66:
TestTerraformKafkaTopicsExample 2022-08-03T15:21:52Z logger.go:66:       + metadata {
TestTerraformKafkaTopicsExample 2022-08-03T15:21:52Z logger.go:66:           + name      = "kafkarestproxy"
TestTerraformKafkaTopicsExample 2022-08-03T15:21:52Z logger.go:66:           + namespace = "confluent"
TestTerraformKafkaTopicsExample 2022-08-03T15:21:52Z logger.go:66:         }
TestTerraformKafkaTopicsExample 2022-08-03T15:21:52Z logger.go:66:     }
TestTerraformKafkaTopicsExample 2022-08-03T15:21:52Z logger.go:66:
TestTerraformKafkaTopicsExample 2022-08-03T15:21:52Z logger.go:66:   # module.confluent_platform.module.confluent_platform.data.kubernetes_resource.components["ksqldb"] will be read during apply
TestTerraformKafkaTopicsExample 2022-08-03T15:21:52Z logger.go:66:   # (depends on a resource or a module with changes pending)
TestTerraformKafkaTopicsExample 2022-08-03T15:21:52Z logger.go:66:  <= data "kubernetes_resource" "components" {
TestTerraformKafkaTopicsExample 2022-08-03T15:21:52Z logger.go:66:       + api_version = "platform.confluent.io/v1beta1"
TestTerraformKafkaTopicsExample 2022-08-03T15:21:52Z logger.go:66:       + kind        = "KsqlDB"
TestTerraformKafkaTopicsExample 2022-08-03T15:21:52Z logger.go:66:       + object      = (known after apply)
TestTerraformKafkaTopicsExample 2022-08-03T15:21:52Z logger.go:66:
TestTerraformKafkaTopicsExample 2022-08-03T15:21:52Z logger.go:66:       + metadata {
TestTerraformKafkaTopicsExample 2022-08-03T15:21:52Z logger.go:66:           + name      = "ksqldb"
TestTerraformKafkaTopicsExample 2022-08-03T15:21:52Z logger.go:66:           + namespace = "confluent"
TestTerraformKafkaTopicsExample 2022-08-03T15:21:52Z logger.go:66:         }
TestTerraformKafkaTopicsExample 2022-08-03T15:21:52Z logger.go:66:     }
TestTerraformKafkaTopicsExample 2022-08-03T15:21:52Z logger.go:66:
TestTerraformKafkaTopicsExample 2022-08-03T15:21:52Z logger.go:66:   # module.confluent_platform.module.confluent_platform.data.kubernetes_resource.components["schemaregistry"] will be read during apply
TestTerraformKafkaTopicsExample 2022-08-03T15:21:52Z logger.go:66:   # (depends on a resource or a module with changes pending)
TestTerraformKafkaTopicsExample 2022-08-03T15:21:52Z logger.go:66:  <= data "kubernetes_resource" "components" {
TestTerraformKafkaTopicsExample 2022-08-03T15:21:52Z logger.go:66:       + api_version = "platform.confluent.io/v1beta1"
TestTerraformKafkaTopicsExample 2022-08-03T15:21:52Z logger.go:66:       + kind        = "SchemaRegistry"
TestTerraformKafkaTopicsExample 2022-08-03T15:21:52Z logger.go:66:       + object      = (known after apply)
TestTerraformKafkaTopicsExample 2022-08-03T15:21:52Z logger.go:66:
TestTerraformKafkaTopicsExample 2022-08-03T15:21:52Z logger.go:66:       + metadata {
TestTerraformKafkaTopicsExample 2022-08-03T15:21:52Z logger.go:66:           + name      = "schemaregistry"
TestTerraformKafkaTopicsExample 2022-08-03T15:21:52Z logger.go:66:           + namespace = "confluent"
TestTerraformKafkaTopicsExample 2022-08-03T15:21:52Z logger.go:66:         }
TestTerraformKafkaTopicsExample 2022-08-03T15:21:52Z logger.go:66:     }
TestTerraformKafkaTopicsExample 2022-08-03T15:21:52Z logger.go:66:
TestTerraformKafkaTopicsExample 2022-08-03T15:21:52Z logger.go:66:   # module.confluent_platform.module.confluent_platform.data.kubernetes_resource.components["zookeeper"] will be read during apply
TestTerraformKafkaTopicsExample 2022-08-03T15:21:52Z logger.go:66:   # (depends on a resource or a module with changes pending)
TestTerraformKafkaTopicsExample 2022-08-03T15:21:52Z logger.go:66:  <= data "kubernetes_resource" "components" {
TestTerraformKafkaTopicsExample 2022-08-03T15:21:52Z logger.go:66:       + api_version = "platform.confluent.io/v1beta1"
TestTerraformKafkaTopicsExample 2022-08-03T15:21:52Z logger.go:66:       + kind        = "Zookeeper"
TestTerraformKafkaTopicsExample 2022-08-03T15:21:52Z logger.go:66:       + object      = (known after apply)
TestTerraformKafkaTopicsExample 2022-08-03T15:21:52Z logger.go:66:
TestTerraformKafkaTopicsExample 2022-08-03T15:21:52Z logger.go:66:       + metadata {
TestTerraformKafkaTopicsExample 2022-08-03T15:21:52Z logger.go:66:           + name      = "zookeeper"
TestTerraformKafkaTopicsExample 2022-08-03T15:21:52Z logger.go:66:           + namespace = "confluent"
TestTerraformKafkaTopicsExample 2022-08-03T15:21:52Z logger.go:66:         }
TestTerraformKafkaTopicsExample 2022-08-03T15:21:52Z logger.go:66:     }
TestTerraformKafkaTopicsExample 2022-08-03T15:21:52Z logger.go:66:
TestTerraformKafkaTopicsExample 2022-08-03T15:21:52Z logger.go:66:   # module.confluent_platform.module.confluent_platform.kubernetes_manifest.components["connect"] will be created
TestTerraformKafkaTopicsExample 2022-08-03T15:21:52Z logger.go:66:   + resource "kubernetes_manifest" "components" {
TestTerraformKafkaTopicsExample 2022-08-03T15:21:52Z logger.go:66:       + computed_fields = [
TestTerraformKafkaTopicsExample 2022-08-03T15:21:52Z logger.go:66:           + "metadata.finalizers",
TestTerraformKafkaTopicsExample 2022-08-03T15:21:52Z logger.go:66:         ]
TestTerraformKafkaTopicsExample 2022-08-03T15:21:52Z logger.go:66:       + manifest        = {
TestTerraformKafkaTopicsExample 2022-08-03T15:21:52Z logger.go:66:           + apiVersion = "platform.confluent.io/v1beta1"
TestTerraformKafkaTopicsExample 2022-08-03T15:21:52Z logger.go:66:           + kind       = "Connect"
TestTerraformKafkaTopicsExample 2022-08-03T15:21:52Z logger.go:66:           + metadata   = {
TestTerraformKafkaTopicsExample 2022-08-03T15:21:52Z logger.go:66:               + name      = "connect"
TestTerraformKafkaTopicsExample 2022-08-03T15:21:52Z logger.go:66:               + namespace = "confluent"
TestTerraformKafkaTopicsExample 2022-08-03T15:21:52Z logger.go:66:             }
TestTerraformKafkaTopicsExample 2022-08-03T15:21:52Z logger.go:66:           + spec       = {
TestTerraformKafkaTopicsExample 2022-08-03T15:21:52Z logger.go:66:               + dependencies = {
TestTerraformKafkaTopicsExample 2022-08-03T15:21:52Z logger.go:66:                   + kafka = {
TestTerraformKafkaTopicsExample 2022-08-03T15:21:52Z logger.go:66:                       + bootstrapEndpoint = "kafka:9071"
TestTerraformKafkaTopicsExample 2022-08-03T15:21:52Z logger.go:66:                     }
TestTerraformKafkaTopicsExample 2022-08-03T15:21:52Z logger.go:66:                 }
TestTerraformKafkaTopicsExample 2022-08-03T15:21:52Z logger.go:66:               + image        = {
TestTerraformKafkaTopicsExample 2022-08-03T15:21:52Z logger.go:66:                   + application = "confluentinc/cp-server-connect:7.2.0"
TestTerraformKafkaTopicsExample 2022-08-03T15:21:52Z logger.go:66:                   + init        = "confluentinc/confluent-init-container:2.4.0"
TestTerraformKafkaTopicsExample 2022-08-03T15:21:52Z logger.go:66:                 }
TestTerraformKafkaTopicsExample 2022-08-03T15:21:52Z logger.go:66:               + replicas     = 1
TestTerraformKafkaTopicsExample 2022-08-03T15:21:52Z logger.go:66:             }
TestTerraformKafkaTopicsExample 2022-08-03T15:21:52Z logger.go:66:         }
TestTerraformKafkaTopicsExample 2022-08-03T15:21:52Z logger.go:66:       + object          = {
TestTerraformKafkaTopicsExample 2022-08-03T15:21:52Z logger.go:66:           + apiVersion = "platform.confluent.io/v1beta1"
TestTerraformKafkaTopicsExample 2022-08-03T15:21:52Z logger.go:66:           + kind       = "Connect"
TestTerraformKafkaTopicsExample 2022-08-03T15:21:52Z logger.go:66:           + metadata   = {
TestTerraformKafkaTopicsExample 2022-08-03T15:21:52Z logger.go:66:               + annotations                = (known after apply)
TestTerraformKafkaTopicsExample 2022-08-03T15:21:52Z logger.go:66:               + clusterName                = (known after apply)
TestTerraformKafkaTopicsExample 2022-08-03T15:21:52Z logger.go:66:               + creationTimestamp          = (known after apply)
TestTerraformKafkaTopicsExample 2022-08-03T15:21:52Z logger.go:66:               + deletionGracePeriodSeconds = (known after apply)
TestTerraformKafkaTopicsExample 2022-08-03T15:21:52Z logger.go:66:               + deletionTimestamp          = (known after apply)
TestTerraformKafkaTopicsExample 2022-08-03T15:21:52Z logger.go:66:               + finalizers                 = (known after apply)
TestTerraformKafkaTopicsExample 2022-08-03T15:21:52Z logger.go:66:               + generateName               = (known after apply)
TestTerraformKafkaTopicsExample 2022-08-03T15:21:52Z logger.go:66:               + generation                 = (known after apply)
TestTerraformKafkaTopicsExample 2022-08-03T15:21:52Z logger.go:66:               + labels                     = (known after apply)
TestTerraformKafkaTopicsExample 2022-08-03T15:21:52Z logger.go:66:               + managedFields              = (known after apply)
TestTerraformKafkaTopicsExample 2022-08-03T15:21:52Z logger.go:66:               + name                       = "connect"
TestTerraformKafkaTopicsExample 2022-08-03T15:21:52Z logger.go:66:               + namespace                  = "confluent"
TestTerraformKafkaTopicsExample 2022-08-03T15:21:52Z logger.go:66:               + ownerReferences            = (known after apply)
TestTerraformKafkaTopicsExample 2022-08-03T15:21:52Z logger.go:66:               + resourceVersion            = (known after apply)
TestTerraformKafkaTopicsExample 2022-08-03T15:21:52Z logger.go:66:               + selfLink                   = (known after apply)
TestTerraformKafkaTopicsExample 2022-08-03T15:21:52Z logger.go:66:               + uid                        = (known after apply)
TestTerraformKafkaTopicsExample 2022-08-03T15:21:52Z logger.go:66:             }
TestTerraformKafkaTopicsExample 2022-08-03T15:21:52Z logger.go:66:           + spec       = {
TestTerraformKafkaTopicsExample 2022-08-03T15:21:52Z logger.go:66:               + authentication                 = {
TestTerraformKafkaTopicsExample 2022-08-03T15:21:52Z logger.go:66:                   + basic = {
TestTerraformKafkaTopicsExample 2022-08-03T15:21:52Z logger.go:66:                       + debug                    = (known after apply)
TestTerraformKafkaTopicsExample 2022-08-03T15:21:52Z logger.go:66:                       + directoryPathInContainer = (known after apply)
TestTerraformKafkaTopicsExample 2022-08-03T15:21:52Z logger.go:66:                       + restrictedRoles          = (known after apply)
TestTerraformKafkaTopicsExample 2022-08-03T15:21:52Z logger.go:66:                       + roles                    = (known after apply)
TestTerraformKafkaTopicsExample 2022-08-03T15:21:52Z logger.go:66:                       + secretRef                = (known after apply)
TestTerraformKafkaTopicsExample 2022-08-03T15:21:52Z logger.go:66:                     }
TestTerraformKafkaTopicsExample 2022-08-03T15:21:52Z logger.go:66:                   + type  = (known after apply)
TestTerraformKafkaTopicsExample 2022-08-03T15:21:52Z logger.go:66:                 }
TestTerraformKafkaTopicsExample 2022-08-03T15:21:52Z logger.go:66:               + authorization                  = {
TestTerraformKafkaTopicsExample 2022-08-03T15:21:52Z logger.go:66:                   + kafkaRestClassRef = {
TestTerraformKafkaTopicsExample 2022-08-03T15:21:52Z logger.go:66:                       + name      = (known after apply)
TestTerraformKafkaTopicsExample 2022-08-03T15:21:52Z logger.go:66:                       + namespace = (known after apply)
TestTerraformKafkaTopicsExample 2022-08-03T15:21:52Z logger.go:66:                     }
TestTerraformKafkaTopicsExample 2022-08-03T15:21:52Z logger.go:66:                   + type              = (known after apply)
TestTerraformKafkaTopicsExample 2022-08-03T15:21:52Z logger.go:66:                 }
TestTerraformKafkaTopicsExample 2022-08-03T15:21:52Z logger.go:66:               + build                          = {
TestTerraformKafkaTopicsExample 2022-08-03T15:21:52Z logger.go:66:                   + onDemand = {
TestTerraformKafkaTopicsExample 2022-08-03T15:21:52Z logger.go:66:                       + plugins      = {
TestTerraformKafkaTopicsExample 2022-08-03T15:21:52Z logger.go:66:                           + confluentHub = (known after apply)
TestTerraformKafkaTopicsExample 2022-08-03T15:21:52Z logger.go:66:                           + locationType = (known after apply)
TestTerraformKafkaTopicsExample 2022-08-03T15:21:52Z logger.go:66:                           + url          = (known after apply)
TestTerraformKafkaTopicsExample 2022-08-03T15:21:52Z logger.go:66:                         }
TestTerraformKafkaTopicsExample 2022-08-03T15:21:52Z logger.go:66:                       + storageLimit = (known after apply)
TestTerraformKafkaTopicsExample 2022-08-03T15:21:52Z logger.go:66:                     }
TestTerraformKafkaTopicsExample 2022-08-03T15:21:52Z logger.go:66:                   + type     = (known after apply)
TestTerraformKafkaTopicsExample 2022-08-03T15:21:52Z logger.go:66:                 }
TestTerraformKafkaTopicsExample 2022-08-03T15:21:52Z logger.go:66:               + configOverrides                = {
TestTerraformKafkaTopicsExample 2022-08-03T15:21:52Z logger.go:66:                   + jvm    = (known after apply)
TestTerraformKafkaTopicsExample 2022-08-03T15:21:52Z logger.go:66:                   + log4j  = (known after apply)
TestTerraformKafkaTopicsExample 2022-08-03T15:21:52Z logger.go:66:                   + server = (known after apply)
TestTerraformKafkaTopicsExample 2022-08-03T15:21:52Z logger.go:66:                 }
TestTerraformKafkaTopicsExample 2022-08-03T15:21:52Z logger.go:66:               + connectorOverridePolicy        = (known after apply)
TestTerraformKafkaTopicsExample 2022-08-03T15:21:52Z logger.go:66:               + connectorTLSCerts              = (known after apply)
TestTerraformKafkaTopicsExample 2022-08-03T15:21:52Z logger.go:66:               + dependencies                   = {
TestTerraformKafkaTopicsExample 2022-08-03T15:21:52Z logger.go:66:                   + admin          = {
TestTerraformKafkaTopicsExample 2022-08-03T15:21:52Z logger.go:66:                       + authentication    = {
TestTerraformKafkaTopicsExample 2022-08-03T15:21:52Z logger.go:66:                           + jaasConfig            = {
TestTerraformKafkaTopicsExample 2022-08-03T15:21:52Z logger.go:66:                               + secretRef = (known after apply)
TestTerraformKafkaTopicsExample 2022-08-03T15:21:52Z logger.go:66:                             }
TestTerraformKafkaTopicsExample 2022-08-03T15:21:52Z logger.go:66:                           + jaasConfigPassThrough = {
TestTerraformKafkaTopicsExample 2022-08-03T15:21:52Z logger.go:66:                               + directoryPathInContainer = (known after apply)
TestTerraformKafkaTopicsExample 2022-08-03T15:21:52Z logger.go:66:                               + secretRef                = (known after apply)
TestTerraformKafkaTopicsExample 2022-08-03T15:21:52Z logger.go:66:                             }
TestTerraformKafkaTopicsExample 2022-08-03T15:21:52Z logger.go:66:                           + oauthbearer           = {
TestTerraformKafkaTopicsExample 2022-08-03T15:21:52Z logger.go:66:                               + directoryPathInContainer = (known after apply)
TestTerraformKafkaTopicsExample 2022-08-03T15:21:52Z logger.go:66:                               + secretRef                = (known after apply)
TestTerraformKafkaTopicsExample 2022-08-03T15:21:52Z logger.go:66:                             }
TestTerraformKafkaTopicsExample 2022-08-03T15:21:52Z logger.go:66:                           + type                  = (known after apply)
TestTerraformKafkaTopicsExample 2022-08-03T15:21:52Z logger.go:66:                         }
TestTerraformKafkaTopicsExample 2022-08-03T15:21:52Z logger.go:66:                       + bootstrapEndpoint = (known after apply)
TestTerraformKafkaTopicsExample 2022-08-03T15:21:52Z logger.go:66:                       + discovery         = {
TestTerraformKafkaTopicsExample 2022-08-03T15:21:52Z logger.go:66:                           + name      = (known after apply)
TestTerraformKafkaTopicsExample 2022-08-03T15:21:52Z logger.go:66:                           + namespace = (known after apply)
TestTerraformKafkaTopicsExample 2022-08-03T15:21:52Z logger.go:66:                           + secretRef = (known after apply)
TestTerraformKafkaTopicsExample 2022-08-03T15:21:52Z logger.go:66:                         }
TestTerraformKafkaTopicsExample 2022-08-03T15:21:52Z logger.go:66:                       + tls               = {
TestTerraformKafkaTopicsExample 2022-08-03T15:21:52Z logger.go:66:                           + directoryPathInContainer = (known after apply)
TestTerraformKafkaTopicsExample 2022-08-03T15:21:52Z logger.go:66:                           + enabled                  = (known after apply)
TestTerraformKafkaTopicsExample 2022-08-03T15:21:52Z logger.go:66:                           + ignoreTrustStoreConfig   = (known after apply)
TestTerraformKafkaTopicsExample 2022-08-03T15:21:52Z logger.go:66:                           + jksPassword              = {
TestTerraformKafkaTopicsExample 2022-08-03T15:21:52Z logger.go:66:                               + secretRef = (known after apply)
TestTerraformKafkaTopicsExample 2022-08-03T15:21:52Z logger.go:66:                             }
TestTerraformKafkaTopicsExample 2022-08-03T15:21:52Z logger.go:66:                           + secretRef                = (known after apply)
TestTerraformKafkaTopicsExample 2022-08-03T15:21:52Z logger.go:66:                         }
TestTerraformKafkaTopicsExample 2022-08-03T15:21:52Z logger.go:66:                     }
TestTerraformKafkaTopicsExample 2022-08-03T15:21:52Z logger.go:66:                   + consumer       = {
TestTerraformKafkaTopicsExample 2022-08-03T15:21:52Z logger.go:66:                       + authentication    = {
TestTerraformKafkaTopicsExample 2022-08-03T15:21:52Z logger.go:66:                           + jaasConfig            = {
TestTerraformKafkaTopicsExample 2022-08-03T15:21:52Z logger.go:66:                               + secretRef = (known after apply)
TestTerraformKafkaTopicsExample 2022-08-03T15:21:52Z logger.go:66:                             }
TestTerraformKafkaTopicsExample 2022-08-03T15:21:52Z logger.go:66:                           + jaasConfigPassThrough = {
TestTerraformKafkaTopicsExample 2022-08-03T15:21:52Z logger.go:66:                               + directoryPathInContainer = (known after apply)
TestTerraformKafkaTopicsExample 2022-08-03T15:21:52Z logger.go:66:                               + secretRef                = (known after apply)
TestTerraformKafkaTopicsExample 2022-08-03T15:21:52Z logger.go:66:                             }
TestTerraformKafkaTopicsExample 2022-08-03T15:21:52Z logger.go:66:                           + oauthbearer           = {
TestTerraformKafkaTopicsExample 2022-08-03T15:21:52Z logger.go:66:                               + directoryPathInContainer = (known after apply)
TestTerraformKafkaTopicsExample 2022-08-03T15:21:52Z logger.go:66:                               + secretRef                = (known after apply)
TestTerraformKafkaTopicsExample 2022-08-03T15:21:52Z logger.go:66:                             }
TestTerraformKafkaTopicsExample 2022-08-03T15:21:52Z logger.go:66:                           + type                  = (known after apply)
TestTerraformKafkaTopicsExample 2022-08-03T15:21:52Z logger.go:66:                         }
TestTerraformKafkaTopicsExample 2022-08-03T15:21:52Z logger.go:66:                       + bootstrapEndpoint = (known after apply)
TestTerraformKafkaTopicsExample 2022-08-03T15:21:52Z logger.go:66:                       + discovery         = {
TestTerraformKafkaTopicsExample 2022-08-03T15:21:52Z logger.go:66:                           + name      = (known after apply)
TestTerraformKafkaTopicsExample 2022-08-03T15:21:52Z logger.go:66:                           + namespace = (known after apply)
TestTerraformKafkaTopicsExample 2022-08-03T15:21:52Z logger.go:66:                           + secretRef = (known after apply)
TestTerraformKafkaTopicsExample 2022-08-03T15:21:52Z logger.go:66:                         }
TestTerraformKafkaTopicsExample 2022-08-03T15:21:52Z logger.go:66:                       + tls               = {
TestTerraformKafkaTopicsExample 2022-08-03T15:21:52Z logger.go:66:                           + directoryPathInContainer = (known after apply)
TestTerraformKafkaTopicsExample 2022-08-03T15:21:52Z logger.go:66:                           + enabled                  = (known after apply)
TestTerraformKafkaTopicsExample 2022-08-03T15:21:52Z logger.go:66:                           + ignoreTrustStoreConfig   = (known after apply)
TestTerraformKafkaTopicsExample 2022-08-03T15:21:52Z logger.go:66:                           + jksPassword              = {
TestTerraformKafkaTopicsExample 2022-08-03T15:21:52Z logger.go:66:                               + secretRef = (known after apply)
TestTerraformKafkaTopicsExample 2022-08-03T15:21:52Z logger.go:66:                             }
TestTerraformKafkaTopicsExample 2022-08-03T15:21:52Z logger.go:66:                           + secretRef                = (known after apply)
TestTerraformKafkaTopicsExample 2022-08-03T15:21:52Z logger.go:66:                         }
TestTerraformKafkaTopicsExample 2022-08-03T15:21:52Z logger.go:66:                     }
TestTerraformKafkaTopicsExample 2022-08-03T15:21:52Z logger.go:66:                   + interceptor    = {
TestTerraformKafkaTopicsExample 2022-08-03T15:21:52Z logger.go:66:                       + configs   = (known after apply)
TestTerraformKafkaTopicsExample 2022-08-03T15:21:52Z logger.go:66:                       + consumer  = {
TestTerraformKafkaTopicsExample 2022-08-03T15:21:52Z logger.go:66:                           + authentication    = {
TestTerraformKafkaTopicsExample 2022-08-03T15:21:52Z logger.go:66:                               + jaasConfig            = {
TestTerraformKafkaTopicsExample 2022-08-03T15:21:52Z logger.go:66:                                   + secretRef = (known after apply)
TestTerraformKafkaTopicsExample 2022-08-03T15:21:52Z logger.go:66:                                 }
TestTerraformKafkaTopicsExample 2022-08-03T15:21:52Z logger.go:66:                               + jaasConfigPassThrough = {
TestTerraformKafkaTopicsExample 2022-08-03T15:21:52Z logger.go:66:                                   + directoryPathInContainer = (known after apply)
TestTerraformKafkaTopicsExample 2022-08-03T15:21:52Z logger.go:66:                                   + secretRef                = (known after apply)
TestTerraformKafkaTopicsExample 2022-08-03T15:21:52Z logger.go:66:                                 }
TestTerraformKafkaTopicsExample 2022-08-03T15:21:52Z logger.go:66:                               + oauthbearer           = {
TestTerraformKafkaTopicsExample 2022-08-03T15:21:52Z logger.go:66:                                   + directoryPathInContainer = (known after apply)
TestTerraformKafkaTopicsExample 2022-08-03T15:21:52Z logger.go:66:                                   + secretRef                = (known after apply)
TestTerraformKafkaTopicsExample 2022-08-03T15:21:52Z logger.go:66:                                 }
TestTerraformKafkaTopicsExample 2022-08-03T15:21:52Z logger.go:66:                               + type                  = (known after apply)
TestTerraformKafkaTopicsExample 2022-08-03T15:21:52Z logger.go:66:                             }
TestTerraformKafkaTopicsExample 2022-08-03T15:21:52Z logger.go:66:                           + bootstrapEndpoint = (known after apply)
TestTerraformKafkaTopicsExample 2022-08-03T15:21:52Z logger.go:66:                           + discovery         = {
TestTerraformKafkaTopicsExample 2022-08-03T15:21:52Z logger.go:66:                               + name      = (known after apply)
TestTerraformKafkaTopicsExample 2022-08-03T15:21:52Z logger.go:66:                               + namespace = (known after apply)
TestTerraformKafkaTopicsExample 2022-08-03T15:21:52Z logger.go:66:                               + secretRef = (known after apply)
TestTerraformKafkaTopicsExample 2022-08-03T15:21:52Z logger.go:66:                             }
TestTerraformKafkaTopicsExample 2022-08-03T15:21:52Z logger.go:66:                           + tls               = {
TestTerraformKafkaTopicsExample 2022-08-03T15:21:52Z logger.go:66:                               + directoryPathInContainer = (known after apply)
TestTerraformKafkaTopicsExample 2022-08-03T15:21:52Z logger.go:66:                               + enabled                  = (known after apply)
TestTerraformKafkaTopicsExample 2022-08-03T15:21:52Z logger.go:66:                               + ignoreTrustStoreConfig   = (known after apply)
TestTerraformKafkaTopicsExample 2022-08-03T15:21:52Z logger.go:66:                               + jksPassword              = {
TestTerraformKafkaTopicsExample 2022-08-03T15:21:52Z logger.go:66:                                   + secretRef = (known after apply)
TestTerraformKafkaTopicsExample 2022-08-03T15:21:52Z logger.go:66:                                 }
TestTerraformKafkaTopicsExample 2022-08-03T15:21:52Z logger.go:66:                               + secretRef                = (known after apply)
TestTerraformKafkaTopicsExample 2022-08-03T15:21:52Z logger.go:66:                             }
TestTerraformKafkaTopicsExample 2022-08-03T15:21:52Z logger.go:66:                         }
TestTerraformKafkaTopicsExample 2022-08-03T15:21:52Z logger.go:66:                       + enabled   = (known after apply)
TestTerraformKafkaTopicsExample 2022-08-03T15:21:52Z logger.go:66:                       + producer  = {
TestTerraformKafkaTopicsExample 2022-08-03T15:21:52Z logger.go:66:                           + authentication    = {
TestTerraformKafkaTopicsExample 2022-08-03T15:21:52Z logger.go:66:                               + jaasConfig            = {
TestTerraformKafkaTopicsExample 2022-08-03T15:21:52Z logger.go:66:                                   + secretRef = (known after apply)
TestTerraformKafkaTopicsExample 2022-08-03T15:21:52Z logger.go:66:                                 }
TestTerraformKafkaTopicsExample 2022-08-03T15:21:52Z logger.go:66:                               + jaasConfigPassThrough = {
TestTerraformKafkaTopicsExample 2022-08-03T15:21:52Z logger.go:66:                                   + directoryPathInContainer = (known after apply)
TestTerraformKafkaTopicsExample 2022-08-03T15:21:52Z logger.go:66:                                   + secretRef                = (known after apply)
TestTerraformKafkaTopicsExample 2022-08-03T15:21:52Z logger.go:66:                                 }
TestTerraformKafkaTopicsExample 2022-08-03T15:21:52Z logger.go:66:                               + oauthbearer           = {
TestTerraformKafkaTopicsExample 2022-08-03T15:21:52Z logger.go:66:                                   + directoryPathInContainer = (known after apply)
TestTerraformKafkaTopicsExample 2022-08-03T15:21:52Z logger.go:66:                                   + secretRef                = (known after apply)
TestTerraformKafkaTopicsExample 2022-08-03T15:21:52Z logger.go:66:                                 }
TestTerraformKafkaTopicsExample 2022-08-03T15:21:52Z logger.go:66:                               + type                  = (known after apply)
TestTerraformKafkaTopicsExample 2022-08-03T15:21:52Z logger.go:66:                             }
TestTerraformKafkaTopicsExample 2022-08-03T15:21:52Z logger.go:66:                           + bootstrapEndpoint = (known after apply)
TestTerraformKafkaTopicsExample 2022-08-03T15:21:52Z logger.go:66:                           + discovery         = {
TestTerraformKafkaTopicsExample 2022-08-03T15:21:52Z logger.go:66:                               + name      = (known after apply)
TestTerraformKafkaTopicsExample 2022-08-03T15:21:52Z logger.go:66:                               + namespace = (known after apply)
TestTerraformKafkaTopicsExample 2022-08-03T15:21:52Z logger.go:66:                               + secretRef = (known after apply)
TestTerraformKafkaTopicsExample 2022-08-03T15:21:52Z logger.go:66:                             }
TestTerraformKafkaTopicsExample 2022-08-03T15:21:52Z logger.go:66:                           + tls               = {
TestTerraformKafkaTopicsExample 2022-08-03T15:21:52Z logger.go:66:                               + directoryPathInContainer = (known after apply)
TestTerraformKafkaTopicsExample 2022-08-03T15:21:52Z logger.go:66:                               + enabled                  = (known after apply)
TestTerraformKafkaTopicsExample 2022-08-03T15:21:52Z logger.go:66:                               + ignoreTrustStoreConfig   = (known after apply)
TestTerraformKafkaTopicsExample 2022-08-03T15:21:52Z logger.go:66:                               + jksPassword              = {
TestTerraformKafkaTopicsExample 2022-08-03T15:21:52Z logger.go:66:                                   + secretRef = (known after apply)
TestTerraformKafkaTopicsExample 2022-08-03T15:21:52Z logger.go:66:                                 }
TestTerraformKafkaTopicsExample 2022-08-03T15:21:52Z logger.go:66:                               + secretRef                = (known after apply)
TestTerraformKafkaTopicsExample 2022-08-03T15:21:52Z logger.go:66:                             }
TestTerraformKafkaTopicsExample 2022-08-03T15:21:52Z logger.go:66:                         }
TestTerraformKafkaTopicsExample 2022-08-03T15:21:52Z logger.go:66:                       + publishMs = (known after apply)
TestTerraformKafkaTopicsExample 2022-08-03T15:21:52Z logger.go:66:                     }
TestTerraformKafkaTopicsExample 2022-08-03T15:21:52Z logger.go:66:                   + kafka          = {
TestTerraformKafkaTopicsExample 2022-08-03T15:21:52Z logger.go:66:                       + authentication    = {
TestTerraformKafkaTopicsExample 2022-08-03T15:21:52Z logger.go:66:                           + jaasConfig            = {
TestTerraformKafkaTopicsExample 2022-08-03T15:21:52Z logger.go:66:                               + secretRef = (known after apply)
TestTerraformKafkaTopicsExample 2022-08-03T15:21:52Z logger.go:66:                             }
TestTerraformKafkaTopicsExample 2022-08-03T15:21:52Z logger.go:66:                           + jaasConfigPassThrough = {
TestTerraformKafkaTopicsExample 2022-08-03T15:21:52Z logger.go:66:                               + directoryPathInContainer = (known after apply)
TestTerraformKafkaTopicsExample 2022-08-03T15:21:52Z logger.go:66:                               + secretRef                = (known after apply)
TestTerraformKafkaTopicsExample 2022-08-03T15:21:52Z logger.go:66:                             }
TestTerraformKafkaTopicsExample 2022-08-03T15:21:52Z logger.go:66:                           + oauthbearer           = {
TestTerraformKafkaTopicsExample 2022-08-03T15:21:52Z logger.go:66:                               + directoryPathInContainer = (known after apply)
TestTerraformKafkaTopicsExample 2022-08-03T15:21:52Z logger.go:66:                               + secretRef                = (known after apply)
TestTerraformKafkaTopicsExample 2022-08-03T15:21:52Z logger.go:66:                             }
TestTerraformKafkaTopicsExample 2022-08-03T15:21:52Z logger.go:66:                           + type                  = (known after apply)
TestTerraformKafkaTopicsExample 2022-08-03T15:21:52Z logger.go:66:                         }
TestTerraformKafkaTopicsExample 2022-08-03T15:21:52Z logger.go:66:                       + bootstrapEndpoint = "kafka:9071"
TestTerraformKafkaTopicsExample 2022-08-03T15:21:52Z logger.go:66:                       + discovery         = {
TestTerraformKafkaTopicsExample 2022-08-03T15:21:52Z logger.go:66:                           + name      = (known after apply)
TestTerraformKafkaTopicsExample 2022-08-03T15:21:52Z logger.go:66:                           + namespace = (known after apply)
TestTerraformKafkaTopicsExample 2022-08-03T15:21:52Z logger.go:66:                           + secretRef = (known after apply)
TestTerraformKafkaTopicsExample 2022-08-03T15:21:52Z logger.go:66:                         }
TestTerraformKafkaTopicsExample 2022-08-03T15:21:52Z logger.go:66:                       + tls               = {
TestTerraformKafkaTopicsExample 2022-08-03T15:21:52Z logger.go:66:                           + directoryPathInContainer = (known after apply)
TestTerraformKafkaTopicsExample 2022-08-03T15:21:52Z logger.go:66:                           + enabled                  = (known after apply)
TestTerraformKafkaTopicsExample 2022-08-03T15:21:52Z logger.go:66:                           + ignoreTrustStoreConfig   = (known after apply)
TestTerraformKafkaTopicsExample 2022-08-03T15:21:52Z logger.go:66:                           + jksPassword              = {
TestTerraformKafkaTopicsExample 2022-08-03T15:21:52Z logger.go:66:                               + secretRef = (known after apply)
TestTerraformKafkaTopicsExample 2022-08-03T15:21:52Z logger.go:66:                             }
TestTerraformKafkaTopicsExample 2022-08-03T15:21:52Z logger.go:66:                           + secretRef                = (known after apply)
TestTerraformKafkaTopicsExample 2022-08-03T15:21:52Z logger.go:66:                         }
TestTerraformKafkaTopicsExample 2022-08-03T15:21:52Z logger.go:66:                     }
TestTerraformKafkaTopicsExample 2022-08-03T15:21:52Z logger.go:66:                   + mds            = {
TestTerraformKafkaTopicsExample 2022-08-03T15:21:52Z logger.go:66:                       + authentication = {
TestTerraformKafkaTopicsExample 2022-08-03T15:21:52Z logger.go:66:                           + bearer = {
TestTerraformKafkaTopicsExample 2022-08-03T15:21:52Z logger.go:66:                               + directoryPathInContainer = (known after apply)
TestTerraformKafkaTopicsExample 2022-08-03T15:21:52Z logger.go:66:                               + secretRef                = (known after apply)
TestTerraformKafkaTopicsExample 2022-08-03T15:21:52Z logger.go:66:                             }
TestTerraformKafkaTopicsExample 2022-08-03T15:21:52Z logger.go:66:                           + type   = (known after apply)
TestTerraformKafkaTopicsExample 2022-08-03T15:21:52Z logger.go:66:                         }
TestTerraformKafkaTopicsExample 2022-08-03T15:21:52Z logger.go:66:                       + endpoint       = (known after apply)
TestTerraformKafkaTopicsExample 2022-08-03T15:21:52Z logger.go:66:                       + tls            = {
TestTerraformKafkaTopicsExample 2022-08-03T15:21:52Z logger.go:66:                           + directoryPathInContainer = (known after apply)
TestTerraformKafkaTopicsExample 2022-08-03T15:21:52Z logger.go:66:                           + enabled                  = (known after apply)
TestTerraformKafkaTopicsExample 2022-08-03T15:21:52Z logger.go:66:                           + ignoreTrustStoreConfig   = (known after apply)
TestTerraformKafkaTopicsExample 2022-08-03T15:21:52Z logger.go:66:                           + jksPassword              = {
TestTerraformKafkaTopicsExample 2022-08-03T15:21:52Z logger.go:66:                               + secretRef = (known after apply)
TestTerraformKafkaTopicsExample 2022-08-03T15:21:52Z logger.go:66:                             }
TestTerraformKafkaTopicsExample 2022-08-03T15:21:52Z logger.go:66:                           + secretRef                = (known after apply)
TestTerraformKafkaTopicsExample 2022-08-03T15:21:52Z logger.go:66:                         }
TestTerraformKafkaTopicsExample 2022-08-03T15:21:52Z logger.go:66:                       + tokenKeyPair   = {
TestTerraformKafkaTopicsExample 2022-08-03T15:21:52Z logger.go:66:                           + directoryPathInContainer = (known after apply)
TestTerraformKafkaTopicsExample 2022-08-03T15:21:52Z logger.go:66:                           + secretRef                = (known after apply)
TestTerraformKafkaTopicsExample 2022-08-03T15:21:52Z logger.go:66:                         }
TestTerraformKafkaTopicsExample 2022-08-03T15:21:52Z logger.go:66:                     }
TestTerraformKafkaTopicsExample 2022-08-03T15:21:52Z logger.go:66:                   + producer       = {
TestTerraformKafkaTopicsExample 2022-08-03T15:21:52Z logger.go:66:                       + authentication    = {
TestTerraformKafkaTopicsExample 2022-08-03T15:21:52Z logger.go:66:                           + jaasConfig            = {
TestTerraformKafkaTopicsExample 2022-08-03T15:21:52Z logger.go:66:                               + secretRef = (known after apply)
TestTerraformKafkaTopicsExample 2022-08-03T15:21:52Z logger.go:66:                             }
TestTerraformKafkaTopicsExample 2022-08-03T15:21:52Z logger.go:66:                           + jaasConfigPassThrough = {
TestTerraformKafkaTopicsExample 2022-08-03T15:21:52Z logger.go:66:                               + directoryPathInContainer = (known after apply)
TestTerraformKafkaTopicsExample 2022-08-03T15:21:52Z logger.go:66:                               + secretRef                = (known after apply)
TestTerraformKafkaTopicsExample 2022-08-03T15:21:52Z logger.go:66:                             }
TestTerraformKafkaTopicsExample 2022-08-03T15:21:52Z logger.go:66:                           + oauthbearer           = {
TestTerraformKafkaTopicsExample 2022-08-03T15:21:52Z logger.go:66:                               + directoryPathInContainer = (known after apply)
TestTerraformKafkaTopicsExample 2022-08-03T15:21:52Z logger.go:66:                               + secretRef                = (known after apply)
TestTerraformKafkaTopicsExample 2022-08-03T15:21:52Z logger.go:66:                             }
TestTerraformKafkaTopicsExample 2022-08-03T15:21:52Z logger.go:66:                           + type                  = (known after apply)
TestTerraformKafkaTopicsExample 2022-08-03T15:21:52Z logger.go:66:                         }
TestTerraformKafkaTopicsExample 2022-08-03T15:21:52Z logger.go:66:                       + bootstrapEndpoint = (known after apply)
TestTerraformKafkaTopicsExample 2022-08-03T15:21:52Z logger.go:66:                       + discovery         = {
TestTerraformKafkaTopicsExample 2022-08-03T15:21:52Z logger.go:66:                           + name      = (known after apply)
TestTerraformKafkaTopicsExample 2022-08-03T15:21:52Z logger.go:66:                           + namespace = (known after apply)
TestTerraformKafkaTopicsExample 2022-08-03T15:21:52Z logger.go:66:                           + secretRef = (known after apply)
TestTerraformKafkaTopicsExample 2022-08-03T15:21:52Z logger.go:66:                         }
TestTerraformKafkaTopicsExample 2022-08-03T15:21:52Z logger.go:66:                       + tls               = {
TestTerraformKafkaTopicsExample 2022-08-03T15:21:52Z logger.go:66:                           + directoryPathInContainer = (known after apply)
TestTerraformKafkaTopicsExample 2022-08-03T15:21:52Z logger.go:66:                           + enabled                  = (known after apply)
TestTerraformKafkaTopicsExample 2022-08-03T15:21:52Z logger.go:66:                           + ignoreTrustStoreConfig   = (known after apply)
TestTerraformKafkaTopicsExample 2022-08-03T15:21:52Z logger.go:66:                           + jksPassword              = {
TestTerraformKafkaTopicsExample 2022-08-03T15:21:52Z logger.go:66:                               + secretRef = (known after apply)
TestTerraformKafkaTopicsExample 2022-08-03T15:21:52Z logger.go:66:                             }
TestTerraformKafkaTopicsExample 2022-08-03T15:21:52Z logger.go:66:                           + secretRef                = (known after apply)
TestTerraformKafkaTopicsExample 2022-08-03T15:21:52Z logger.go:66:                         }
TestTerraformKafkaTopicsExample 2022-08-03T15:21:52Z logger.go:66:                     }
TestTerraformKafkaTopicsExample 2022-08-03T15:21:52Z logger.go:66:                   + schemaRegistry = {
TestTerraformKafkaTopicsExample 2022-08-03T15:21:52Z logger.go:66:                       + authentication = {
TestTerraformKafkaTopicsExample 2022-08-03T15:21:52Z logger.go:66:                           + basic = {
TestTerraformKafkaTopicsExample 2022-08-03T15:21:52Z logger.go:66:                               + debug                    = (known after apply)
TestTerraformKafkaTopicsExample 2022-08-03T15:21:52Z logger.go:66:                               + directoryPathInContainer = (known after apply)
TestTerraformKafkaTopicsExample 2022-08-03T15:21:52Z logger.go:66:                               + restrictedRoles          = (known after apply)
TestTerraformKafkaTopicsExample 2022-08-03T15:21:52Z logger.go:66:                               + roles                    = (known after apply)
TestTerraformKafkaTopicsExample 2022-08-03T15:21:52Z logger.go:66:                               + secretRef                = (known after apply)
TestTerraformKafkaTopicsExample 2022-08-03T15:21:52Z logger.go:66:                             }
TestTerraformKafkaTopicsExample 2022-08-03T15:21:52Z logger.go:66:                           + type  = (known after apply)
TestTerraformKafkaTopicsExample 2022-08-03T15:21:52Z logger.go:66:                         }
TestTerraformKafkaTopicsExample 2022-08-03T15:21:52Z logger.go:66:                       + tls            = {
TestTerraformKafkaTopicsExample 2022-08-03T15:21:52Z logger.go:66:                           + directoryPathInContainer = (known after apply)
TestTerraformKafkaTopicsExample 2022-08-03T15:21:52Z logger.go:66:                           + enabled                  = (known after apply)
TestTerraformKafkaTopicsExample 2022-08-03T15:21:52Z logger.go:66:                           + ignoreTrustStoreConfig   = (known after apply)
TestTerraformKafkaTopicsExample 2022-08-03T15:21:52Z logger.go:66:                           + jksPassword              = {
TestTerraformKafkaTopicsExample 2022-08-03T15:21:52Z logger.go:66:                               + secretRef = (known after apply)
TestTerraformKafkaTopicsExample 2022-08-03T15:21:52Z logger.go:66:                             }
TestTerraformKafkaTopicsExample 2022-08-03T15:21:52Z logger.go:66:                           + secretRef                = (known after apply)
TestTerraformKafkaTopicsExample 2022-08-03T15:21:52Z logger.go:66:                         }
TestTerraformKafkaTopicsExample 2022-08-03T15:21:52Z logger.go:66:                       + url            = (known after apply)
TestTerraformKafkaTopicsExample 2022-08-03T15:21:52Z logger.go:66:                     }
TestTerraformKafkaTopicsExample 2022-08-03T15:21:52Z logger.go:66:                 }
TestTerraformKafkaTopicsExample 2022-08-03T15:21:52Z logger.go:66:               + enableSchemas                  = (known after apply)
TestTerraformKafkaTopicsExample 2022-08-03T15:21:52Z logger.go:66:               + externalAccess                 = {
TestTerraformKafkaTopicsExample 2022-08-03T15:21:52Z logger.go:66:                   + loadBalancer = {
TestTerraformKafkaTopicsExample 2022-08-03T15:21:52Z logger.go:66:                       + advertisedURL            = {
TestTerraformKafkaTopicsExample 2022-08-03T15:21:52Z logger.go:66:                           + enabled = (known after apply)
TestTerraformKafkaTopicsExample 2022-08-03T15:21:52Z logger.go:66:                           + prefix  = (known after apply)
TestTerraformKafkaTopicsExample 2022-08-03T15:21:52Z logger.go:66:                         }
TestTerraformKafkaTopicsExample 2022-08-03T15:21:52Z logger.go:66:                       + annotations              = (known after apply)
TestTerraformKafkaTopicsExample 2022-08-03T15:21:52Z logger.go:66:                       + domain                   = (known after apply)
TestTerraformKafkaTopicsExample 2022-08-03T15:21:52Z logger.go:66:                       + externalTrafficPolicy    = (known after apply)
TestTerraformKafkaTopicsExample 2022-08-03T15:21:52Z logger.go:66:                       + labels                   = (known after apply)
TestTerraformKafkaTopicsExample 2022-08-03T15:21:52Z logger.go:66:                       + loadBalancerSourceRanges = (known after apply)
TestTerraformKafkaTopicsExample 2022-08-03T15:21:52Z logger.go:66:                       + port                     = (known after apply)
TestTerraformKafkaTopicsExample 2022-08-03T15:21:52Z logger.go:66:                       + prefix                   = (known after apply)
TestTerraformKafkaTopicsExample 2022-08-03T15:21:52Z logger.go:66:                       + servicePorts             = (known after apply)
TestTerraformKafkaTopicsExample 2022-08-03T15:21:52Z logger.go:66:                       + sessionAffinity          = (known after apply)
TestTerraformKafkaTopicsExample 2022-08-03T15:21:52Z logger.go:66:                       + sessionAffinityConfig    = {
TestTerraformKafkaTopicsExample 2022-08-03T15:21:52Z logger.go:66:                           + clientIP = {
TestTerraformKafkaTopicsExample 2022-08-03T15:21:52Z logger.go:66:                               + timeoutSeconds = (known after apply)
TestTerraformKafkaTopicsExample 2022-08-03T15:21:52Z logger.go:66:                             }
TestTerraformKafkaTopicsExample 2022-08-03T15:21:52Z logger.go:66:                         }
TestTerraformKafkaTopicsExample 2022-08-03T15:21:52Z logger.go:66:                     }
TestTerraformKafkaTopicsExample 2022-08-03T15:21:52Z logger.go:66:                   + nodePort     = {
TestTerraformKafkaTopicsExample 2022-08-03T15:21:52Z logger.go:66:                       + advertisedURL         = {
TestTerraformKafkaTopicsExample 2022-08-03T15:21:52Z logger.go:66:                           + enabled = (known after apply)
TestTerraformKafkaTopicsExample 2022-08-03T15:21:52Z logger.go:66:                           + prefix  = (known after apply)
TestTerraformKafkaTopicsExample 2022-08-03T15:21:52Z logger.go:66:                         }
TestTerraformKafkaTopicsExample 2022-08-03T15:21:52Z logger.go:66:                       + annotations           = (known after apply)
TestTerraformKafkaTopicsExample 2022-08-03T15:21:52Z logger.go:66:                       + externalTrafficPolicy = (known after apply)
TestTerraformKafkaTopicsExample 2022-08-03T15:21:52Z logger.go:66:                       + host                  = (known after apply)
TestTerraformKafkaTopicsExample 2022-08-03T15:21:52Z logger.go:66:                       + labels                = (known after apply)
TestTerraformKafkaTopicsExample 2022-08-03T15:21:52Z logger.go:66:                       + nodePortOffset        = (known after apply)
TestTerraformKafkaTopicsExample 2022-08-03T15:21:52Z logger.go:66:                       + servicePorts          = (known after apply)
TestTerraformKafkaTopicsExample 2022-08-03T15:21:52Z logger.go:66:                       + sessionAffinity       = (known after apply)
TestTerraformKafkaTopicsExample 2022-08-03T15:21:52Z logger.go:66:                       + sessionAffinityConfig = {
TestTerraformKafkaTopicsExample 2022-08-03T15:21:52Z logger.go:66:                           + clientIP = {
TestTerraformKafkaTopicsExample 2022-08-03T15:21:52Z logger.go:66:                               + timeoutSeconds = (known after apply)
TestTerraformKafkaTopicsExample 2022-08-03T15:21:52Z logger.go:66:                             }
TestTerraformKafkaTopicsExample 2022-08-03T15:21:52Z logger.go:66:                         }
TestTerraformKafkaTopicsExample 2022-08-03T15:21:52Z logger.go:66:                     }
TestTerraformKafkaTopicsExample 2022-08-03T15:21:52Z logger.go:66:                   + route        = {
TestTerraformKafkaTopicsExample 2022-08-03T15:21:52Z logger.go:66:                       + annotations    = (known after apply)
TestTerraformKafkaTopicsExample 2022-08-03T15:21:52Z logger.go:66:                       + domain         = (known after apply)
TestTerraformKafkaTopicsExample 2022-08-03T15:21:52Z logger.go:66:                       + labels         = (known after apply)
TestTerraformKafkaTopicsExample 2022-08-03T15:21:52Z logger.go:66:                       + prefix         = (known after apply)
TestTerraformKafkaTopicsExample 2022-08-03T15:21:52Z logger.go:66:                       + wildcardPolicy = (known after apply)
TestTerraformKafkaTopicsExample 2022-08-03T15:21:52Z logger.go:66:                     }
TestTerraformKafkaTopicsExample 2022-08-03T15:21:52Z logger.go:66:                   + type         = (known after apply)
TestTerraformKafkaTopicsExample 2022-08-03T15:21:52Z logger.go:66:                 }
TestTerraformKafkaTopicsExample 2022-08-03T15:21:52Z logger.go:66:               + headlessService                = {
TestTerraformKafkaTopicsExample 2022-08-03T15:21:52Z logger.go:66:                   + annotations              = (known after apply)
TestTerraformKafkaTopicsExample 2022-08-03T15:21:52Z logger.go:66:                   + labels                   = (known after apply)
TestTerraformKafkaTopicsExample 2022-08-03T15:21:52Z logger.go:66:                   + publishNotReadyAddresses = (known after apply)
TestTerraformKafkaTopicsExample 2022-08-03T15:21:52Z logger.go:66:                 }
TestTerraformKafkaTopicsExample 2022-08-03T15:21:52Z logger.go:66:               + image                          = {
TestTerraformKafkaTopicsExample 2022-08-03T15:21:52Z logger.go:66:                   + application   = "confluentinc/cp-server-connect:7.2.0"
TestTerraformKafkaTopicsExample 2022-08-03T15:21:52Z logger.go:66:                   + init          = "confluentinc/confluent-init-container:2.4.0"
TestTerraformKafkaTopicsExample 2022-08-03T15:21:52Z logger.go:66:                   + pullPolicy    = (known after apply)
TestTerraformKafkaTopicsExample 2022-08-03T15:21:52Z logger.go:66:                   + pullSecretRef = (known after apply)
TestTerraformKafkaTopicsExample 2022-08-03T15:21:52Z logger.go:66:                 }
TestTerraformKafkaTopicsExample 2022-08-03T15:21:52Z logger.go:66:               + injectAnnotations              = (known after apply)
TestTerraformKafkaTopicsExample 2022-08-03T15:21:52Z logger.go:66:               + injectLabels                   = (known after apply)
TestTerraformKafkaTopicsExample 2022-08-03T15:21:52Z logger.go:66:               + internalTopicReplicationFactor = (known after apply)
TestTerraformKafkaTopicsExample 2022-08-03T15:21:52Z logger.go:66:               + k8sClusterDomain               = (known after apply)
TestTerraformKafkaTopicsExample 2022-08-03T15:21:52Z logger.go:66:               + keyConverterType               = (known after apply)
TestTerraformKafkaTopicsExample 2022-08-03T15:21:52Z logger.go:66:               + license                        = {
TestTerraformKafkaTopicsExample 2022-08-03T15:21:52Z logger.go:66:                   + directoryPathInContainer = (known after apply)
TestTerraformKafkaTopicsExample 2022-08-03T15:21:52Z logger.go:66:                   + globalLicense            = (known after apply)
TestTerraformKafkaTopicsExample 2022-08-03T15:21:52Z logger.go:66:                   + secretRef                = (known after apply)
TestTerraformKafkaTopicsExample 2022-08-03T15:21:52Z logger.go:66:                 }
TestTerraformKafkaTopicsExample 2022-08-03T15:21:52Z logger.go:66:               + metrics                        = {
TestTerraformKafkaTopicsExample 2022-08-03T15:21:52Z logger.go:66:                   + authentication = {
TestTerraformKafkaTopicsExample 2022-08-03T15:21:52Z logger.go:66:                       + type = (known after apply)
TestTerraformKafkaTopicsExample 2022-08-03T15:21:52Z logger.go:66:                     }
TestTerraformKafkaTopicsExample 2022-08-03T15:21:52Z logger.go:66:                   + prometheus     = {
TestTerraformKafkaTopicsExample 2022-08-03T15:21:52Z logger.go:66:                       + blacklist = (known after apply)
TestTerraformKafkaTopicsExample 2022-08-03T15:21:52Z logger.go:66:                       + rules     = (known after apply)
TestTerraformKafkaTopicsExample 2022-08-03T15:21:52Z logger.go:66:                       + whitelist = (known after apply)
TestTerraformKafkaTopicsExample 2022-08-03T15:21:52Z logger.go:66:                     }
TestTerraformKafkaTopicsExample 2022-08-03T15:21:52Z logger.go:66:                   + tls            = {
TestTerraformKafkaTopicsExample 2022-08-03T15:21:52Z logger.go:66:                       + directoryPathInContainer = (known after apply)
TestTerraformKafkaTopicsExample 2022-08-03T15:21:52Z logger.go:66:                       + enabled                  = (known after apply)
TestTerraformKafkaTopicsExample 2022-08-03T15:21:52Z logger.go:66:                       + ignoreTrustStoreConfig   = (known after apply)
TestTerraformKafkaTopicsExample 2022-08-03T15:21:52Z logger.go:66:                       + jksPassword              = {
TestTerraformKafkaTopicsExample 2022-08-03T15:21:52Z logger.go:66:                           + secretRef = (known after apply)
TestTerraformKafkaTopicsExample 2022-08-03T15:21:52Z logger.go:66:                         }
TestTerraformKafkaTopicsExample 2022-08-03T15:21:52Z logger.go:66:                       + secretRef                = (known after apply)
TestTerraformKafkaTopicsExample 2022-08-03T15:21:52Z logger.go:66:                     }
TestTerraformKafkaTopicsExample 2022-08-03T15:21:52Z logger.go:66:                 }
TestTerraformKafkaTopicsExample 2022-08-03T15:21:52Z logger.go:66:               + mountedSecrets                 = (known after apply)
TestTerraformKafkaTopicsExample 2022-08-03T15:21:52Z logger.go:66:               + mountedVolumes                 = {
TestTerraformKafkaTopicsExample 2022-08-03T15:21:52Z logger.go:66:                   + volumeMounts = (known after apply)
TestTerraformKafkaTopicsExample 2022-08-03T15:21:52Z logger.go:66:                   + volumes      = (known after apply)
TestTerraformKafkaTopicsExample 2022-08-03T15:21:52Z logger.go:66:                 }
TestTerraformKafkaTopicsExample 2022-08-03T15:21:52Z logger.go:66:               + oneReplicaPerNode              = (known after apply)
TestTerraformKafkaTopicsExample 2022-08-03T15:21:52Z logger.go:66:               + podTemplate                    = {
TestTerraformKafkaTopicsExample 2022-08-03T15:21:52Z logger.go:66:                   + affinity                      = {
TestTerraformKafkaTopicsExample 2022-08-03T15:21:52Z logger.go:66:                       + nodeAffinity    = {
TestTerraformKafkaTopicsExample 2022-08-03T15:21:52Z logger.go:66:                           + preferredDuringSchedulingIgnoredDuringExecution = (known after apply)
TestTerraformKafkaTopicsExample 2022-08-03T15:21:52Z logger.go:66:                           + requiredDuringSchedulingIgnoredDuringExecution  = {
TestTerraformKafkaTopicsExample 2022-08-03T15:21:52Z logger.go:66:                               + nodeSelectorTerms = (known after apply)
TestTerraformKafkaTopicsExample 2022-08-03T15:21:52Z logger.go:66:                             }
TestTerraformKafkaTopicsExample 2022-08-03T15:21:52Z logger.go:66:                         }
TestTerraformKafkaTopicsExample 2022-08-03T15:21:52Z logger.go:66:                       + podAffinity     = {
TestTerraformKafkaTopicsExample 2022-08-03T15:21:52Z logger.go:66:                           + preferredDuringSchedulingIgnoredDuringExecution = (known after apply)
TestTerraformKafkaTopicsExample 2022-08-03T15:21:52Z logger.go:66:                           + requiredDuringSchedulingIgnoredDuringExecution  = (known after apply)
TestTerraformKafkaTopicsExample 2022-08-03T15:21:52Z logger.go:66:                         }
TestTerraformKafkaTopicsExample 2022-08-03T15:21:52Z logger.go:66:                       + podAntiAffinity = {
TestTerraformKafkaTopicsExample 2022-08-03T15:21:52Z logger.go:66:                           + preferredDuringSchedulingIgnoredDuringExecution = (known after apply)
TestTerraformKafkaTopicsExample 2022-08-03T15:21:52Z logger.go:66:                           + requiredDuringSchedulingIgnoredDuringExecution  = (known after apply)
TestTerraformKafkaTopicsExample 2022-08-03T15:21:52Z logger.go:66:                         }
TestTerraformKafkaTopicsExample 2022-08-03T15:21:52Z logger.go:66:                     }
TestTerraformKafkaTopicsExample 2022-08-03T15:21:52Z logger.go:66:                   + annotations                   = (known after apply)
TestTerraformKafkaTopicsExample 2022-08-03T15:21:52Z logger.go:66:                   + envVars                       = (known after apply)
TestTerraformKafkaTopicsExample 2022-08-03T15:21:52Z logger.go:66:                   + labels                        = (known after apply)
TestTerraformKafkaTopicsExample 2022-08-03T15:21:52Z logger.go:66:                   + podSecurityContext            = {
TestTerraformKafkaTopicsExample 2022-08-03T15:21:52Z logger.go:66:                       + fsGroup             = (known after apply)
TestTerraformKafkaTopicsExample 2022-08-03T15:21:52Z logger.go:66:                       + fsGroupChangePolicy = (known after apply)
TestTerraformKafkaTopicsExample 2022-08-03T15:21:52Z logger.go:66:                       + runAsGroup          = (known after apply)
TestTerraformKafkaTopicsExample 2022-08-03T15:21:52Z logger.go:66:                       + runAsNonRoot        = (known after apply)
TestTerraformKafkaTopicsExample 2022-08-03T15:21:52Z logger.go:66:                       + runAsUser           = (known after apply)
TestTerraformKafkaTopicsExample 2022-08-03T15:21:52Z logger.go:66:                       + seLinuxOptions      = {
TestTerraformKafkaTopicsExample 2022-08-03T15:21:52Z logger.go:66:                           + level = (known after apply)
TestTerraformKafkaTopicsExample 2022-08-03T15:21:52Z logger.go:66:                           + role  = (known after apply)
TestTerraformKafkaTopicsExample 2022-08-03T15:21:52Z logger.go:66:                           + type  = (known after apply)
TestTerraformKafkaTopicsExample 2022-08-03T15:21:52Z logger.go:66:                           + user  = (known after apply)
TestTerraformKafkaTopicsExample 2022-08-03T15:21:52Z logger.go:66:                         }
TestTerraformKafkaTopicsExample 2022-08-03T15:21:52Z logger.go:66:                       + seccompProfile      = {
TestTerraformKafkaTopicsExample 2022-08-03T15:21:52Z logger.go:66:                           + localhostProfile = (known after apply)
TestTerraformKafkaTopicsExample 2022-08-03T15:21:52Z logger.go:66:                           + type             = (known after apply)
TestTerraformKafkaTopicsExample 2022-08-03T15:21:52Z logger.go:66:                         }
TestTerraformKafkaTopicsExample 2022-08-03T15:21:52Z logger.go:66:                       + supplementalGroups  = (known after apply)
TestTerraformKafkaTopicsExample 2022-08-03T15:21:52Z logger.go:66:                       + sysctls             = (known after apply)
TestTerraformKafkaTopicsExample 2022-08-03T15:21:52Z logger.go:66:                       + windowsOptions      = {
TestTerraformKafkaTopicsExample 2022-08-03T15:21:52Z logger.go:66:                           + gmsaCredentialSpec     = (known after apply)
TestTerraformKafkaTopicsExample 2022-08-03T15:21:52Z logger.go:66:                           + gmsaCredentialSpecName = (known after apply)
TestTerraformKafkaTopicsExample 2022-08-03T15:21:52Z logger.go:66:                           + hostProcess            = (known after apply)
TestTerraformKafkaTopicsExample 2022-08-03T15:21:52Z logger.go:66:                           + runAsUserName          = (known after apply)
TestTerraformKafkaTopicsExample 2022-08-03T15:21:52Z logger.go:66:                         }
TestTerraformKafkaTopicsExample 2022-08-03T15:21:52Z logger.go:66:                     }
TestTerraformKafkaTopicsExample 2022-08-03T15:21:52Z logger.go:66:                   + priorityClassName             = (known after apply)
TestTerraformKafkaTopicsExample 2022-08-03T15:21:52Z logger.go:66:                   + probe                         = {
TestTerraformKafkaTopicsExample 2022-08-03T15:21:52Z logger.go:66:                       + liveness  = {
TestTerraformKafkaTopicsExample 2022-08-03T15:21:52Z logger.go:66:                           + failureThreshold    = (known after apply)
TestTerraformKafkaTopicsExample 2022-08-03T15:21:52Z logger.go:66:                           + initialDelaySeconds = (known after apply)
TestTerraformKafkaTopicsExample 2022-08-03T15:21:52Z logger.go:66:                           + periodSeconds       = (known after apply)
TestTerraformKafkaTopicsExample 2022-08-03T15:21:52Z logger.go:66:                           + successThreshold    = (known after apply)
TestTerraformKafkaTopicsExample 2022-08-03T15:21:52Z logger.go:66:                           + timeoutSeconds      = (known after apply)
TestTerraformKafkaTopicsExample 2022-08-03T15:21:52Z logger.go:66:                         }
TestTerraformKafkaTopicsExample 2022-08-03T15:21:52Z logger.go:66:                       + readiness = {
TestTerraformKafkaTopicsExample 2022-08-03T15:21:52Z logger.go:66:                           + failureThreshold    = (known after apply)
TestTerraformKafkaTopicsExample 2022-08-03T15:21:52Z logger.go:66:                           + initialDelaySeconds = (known after apply)
TestTerraformKafkaTopicsExample 2022-08-03T15:21:52Z logger.go:66:                           + periodSeconds       = (known after apply)
TestTerraformKafkaTopicsExample 2022-08-03T15:21:52Z logger.go:66:                           + successThreshold    = (known after apply)
TestTerraformKafkaTopicsExample 2022-08-03T15:21:52Z logger.go:66:                           + timeoutSeconds      = (known after apply)
TestTerraformKafkaTopicsExample 2022-08-03T15:21:52Z logger.go:66:                         }
TestTerraformKafkaTopicsExample 2022-08-03T15:21:52Z logger.go:66:                     }
TestTerraformKafkaTopicsExample 2022-08-03T15:21:52Z logger.go:66:                   + resources                     = {
TestTerraformKafkaTopicsExample 2022-08-03T15:21:52Z logger.go:66:                       + limits   = (known after apply)
TestTerraformKafkaTopicsExample 2022-08-03T15:21:52Z logger.go:66:                       + requests = (known after apply)
TestTerraformKafkaTopicsExample 2022-08-03T15:21:52Z logger.go:66:                     }
TestTerraformKafkaTopicsExample 2022-08-03T15:21:52Z logger.go:66:                   + securityContext               = {
TestTerraformKafkaTopicsExample 2022-08-03T15:21:52Z logger.go:66:                       + allowPrivilegeEscalation = (known after apply)
TestTerraformKafkaTopicsExample 2022-08-03T15:21:52Z logger.go:66:                       + capabilities             = {
TestTerraformKafkaTopicsExample 2022-08-03T15:21:52Z logger.go:66:                           + add  = (known after apply)
TestTerraformKafkaTopicsExample 2022-08-03T15:21:52Z logger.go:66:                           + drop = (known after apply)
TestTerraformKafkaTopicsExample 2022-08-03T15:21:52Z logger.go:66:                         }
TestTerraformKafkaTopicsExample 2022-08-03T15:21:52Z logger.go:66:                       + privileged               = (known after apply)
TestTerraformKafkaTopicsExample 2022-08-03T15:21:52Z logger.go:66:                       + procMount                = (known after apply)
TestTerraformKafkaTopicsExample 2022-08-03T15:21:52Z logger.go:66:                       + readOnlyRootFilesystem   = (known after apply)
TestTerraformKafkaTopicsExample 2022-08-03T15:21:52Z logger.go:66:                       + runAsGroup               = (known after apply)
TestTerraformKafkaTopicsExample 2022-08-03T15:21:52Z logger.go:66:                       + runAsNonRoot             = (known after apply)
TestTerraformKafkaTopicsExample 2022-08-03T15:21:52Z logger.go:66:                       + runAsUser                = (known after apply)
TestTerraformKafkaTopicsExample 2022-08-03T15:21:52Z logger.go:66:                       + seLinuxOptions           = {
TestTerraformKafkaTopicsExample 2022-08-03T15:21:52Z logger.go:66:                           + level = (known after apply)
TestTerraformKafkaTopicsExample 2022-08-03T15:21:52Z logger.go:66:                           + role  = (known after apply)
TestTerraformKafkaTopicsExample 2022-08-03T15:21:52Z logger.go:66:                           + type  = (known after apply)
TestTerraformKafkaTopicsExample 2022-08-03T15:21:52Z logger.go:66:                           + user  = (known after apply)
TestTerraformKafkaTopicsExample 2022-08-03T15:21:52Z logger.go:66:                         }
TestTerraformKafkaTopicsExample 2022-08-03T15:21:52Z logger.go:66:                       + seccompProfile           = {
TestTerraformKafkaTopicsExample 2022-08-03T15:21:52Z logger.go:66:                           + localhostProfile = (known after apply)
TestTerraformKafkaTopicsExample 2022-08-03T15:21:52Z logger.go:66:                           + type             = (known after apply)
TestTerraformKafkaTopicsExample 2022-08-03T15:21:52Z logger.go:66:                         }
TestTerraformKafkaTopicsExample 2022-08-03T15:21:52Z logger.go:66:                       + windowsOptions           = {
TestTerraformKafkaTopicsExample 2022-08-03T15:21:52Z logger.go:66:                           + gmsaCredentialSpec     = (known after apply)
TestTerraformKafkaTopicsExample 2022-08-03T15:21:52Z logger.go:66:                           + gmsaCredentialSpecName = (known after apply)
TestTerraformKafkaTopicsExample 2022-08-03T15:21:52Z logger.go:66:                           + hostProcess            = (known after apply)
TestTerraformKafkaTopicsExample 2022-08-03T15:21:52Z logger.go:66:                           + runAsUserName          = (known after apply)
TestTerraformKafkaTopicsExample 2022-08-03T15:21:52Z logger.go:66:                         }
TestTerraformKafkaTopicsExample 2022-08-03T15:21:52Z logger.go:66:                     }
TestTerraformKafkaTopicsExample 2022-08-03T15:21:52Z logger.go:66:                   + serviceAccountName            = (known after apply)
TestTerraformKafkaTopicsExample 2022-08-03T15:21:52Z logger.go:66:                   + terminationGracePeriodSeconds = (known after apply)
TestTerraformKafkaTopicsExample 2022-08-03T15:21:52Z logger.go:66:                   + tolerations                   = (known after apply)
TestTerraformKafkaTopicsExample 2022-08-03T15:21:52Z logger.go:66:                   + topologySpreadConstraints     = (known after apply)
TestTerraformKafkaTopicsExample 2022-08-03T15:21:52Z logger.go:66:                 }
TestTerraformKafkaTopicsExample 2022-08-03T15:21:52Z logger.go:66:               + replicas                       = 1
TestTerraformKafkaTopicsExample 2022-08-03T15:21:52Z logger.go:66:               + telemetry                      = {
TestTerraformKafkaTopicsExample 2022-08-03T15:21:52Z logger.go:66:                   + global = (known after apply)
TestTerraformKafkaTopicsExample 2022-08-03T15:21:52Z logger.go:66:                 }
TestTerraformKafkaTopicsExample 2022-08-03T15:21:52Z logger.go:66:               + tls                            = {
TestTerraformKafkaTopicsExample 2022-08-03T15:21:52Z logger.go:66:                   + autoGeneratedCerts       = (known after apply)
TestTerraformKafkaTopicsExample 2022-08-03T15:21:52Z logger.go:66:                   + directoryPathInContainer = (known after apply)
TestTerraformKafkaTopicsExample 2022-08-03T15:21:52Z logger.go:66:                   + ignoreTrustStoreConfig   = (known after apply)
TestTerraformKafkaTopicsExample 2022-08-03T15:21:52Z logger.go:66:                   + jksPassword              = {
TestTerraformKafkaTopicsExample 2022-08-03T15:21:52Z logger.go:66:                       + secretRef = (known after apply)
TestTerraformKafkaTopicsExample 2022-08-03T15:21:52Z logger.go:66:                     }
TestTerraformKafkaTopicsExample 2022-08-03T15:21:52Z logger.go:66:                   + secretRef                = (known after apply)
TestTerraformKafkaTopicsExample 2022-08-03T15:21:52Z logger.go:66:                 }
TestTerraformKafkaTopicsExample 2022-08-03T15:21:52Z logger.go:66:               + valueConverterType             = (known after apply)
TestTerraformKafkaTopicsExample 2022-08-03T15:21:52Z logger.go:66:             }
TestTerraformKafkaTopicsExample 2022-08-03T15:21:52Z logger.go:66:         }
TestTerraformKafkaTopicsExample 2022-08-03T15:21:52Z logger.go:66:
TestTerraformKafkaTopicsExample 2022-08-03T15:21:52Z logger.go:66:       + timeouts {
TestTerraformKafkaTopicsExample 2022-08-03T15:21:52Z logger.go:66:           + create = "1h"
TestTerraformKafkaTopicsExample 2022-08-03T15:21:52Z logger.go:66:           + delete = "10m"
TestTerraformKafkaTopicsExample 2022-08-03T15:21:52Z logger.go:66:           + update = "1h"
TestTerraformKafkaTopicsExample 2022-08-03T15:21:52Z logger.go:66:         }
TestTerraformKafkaTopicsExample 2022-08-03T15:21:52Z logger.go:66:
TestTerraformKafkaTopicsExample 2022-08-03T15:21:52Z logger.go:66:       + wait {
TestTerraformKafkaTopicsExample 2022-08-03T15:21:52Z logger.go:66:           + fields = {
TestTerraformKafkaTopicsExample 2022-08-03T15:21:52Z logger.go:66:               + "status.phase" = "RUNNING"
TestTerraformKafkaTopicsExample 2022-08-03T15:21:52Z logger.go:66:             }
TestTerraformKafkaTopicsExample 2022-08-03T15:21:52Z logger.go:66:         }
TestTerraformKafkaTopicsExample 2022-08-03T15:21:52Z logger.go:66:     }
TestTerraformKafkaTopicsExample 2022-08-03T15:21:52Z logger.go:66:
TestTerraformKafkaTopicsExample 2022-08-03T15:21:52Z logger.go:66:   # module.confluent_platform.module.confluent_platform.kubernetes_manifest.components["controlcenter"] will be created
TestTerraformKafkaTopicsExample 2022-08-03T15:21:52Z logger.go:66:   + resource "kubernetes_manifest" "components" {
TestTerraformKafkaTopicsExample 2022-08-03T15:21:52Z logger.go:66:       + computed_fields = [
TestTerraformKafkaTopicsExample 2022-08-03T15:21:52Z logger.go:66:           + "metadata.finalizers",
TestTerraformKafkaTopicsExample 2022-08-03T15:21:52Z logger.go:66:         ]
TestTerraformKafkaTopicsExample 2022-08-03T15:21:52Z logger.go:66:       + manifest        = {
TestTerraformKafkaTopicsExample 2022-08-03T15:21:52Z logger.go:66:           + apiVersion = "platform.confluent.io/v1beta1"
TestTerraformKafkaTopicsExample 2022-08-03T15:21:52Z logger.go:66:           + kind       = "ControlCenter"
TestTerraformKafkaTopicsExample 2022-08-03T15:21:52Z logger.go:66:           + metadata   = {
TestTerraformKafkaTopicsExample 2022-08-03T15:21:52Z logger.go:66:               + name      = "controlcenter"
TestTerraformKafkaTopicsExample 2022-08-03T15:21:52Z logger.go:66:               + namespace = "confluent"
TestTerraformKafkaTopicsExample 2022-08-03T15:21:52Z logger.go:66:             }
TestTerraformKafkaTopicsExample 2022-08-03T15:21:52Z logger.go:66:           + spec       = {
TestTerraformKafkaTopicsExample 2022-08-03T15:21:52Z logger.go:66:               + dataVolumeCapacity = "10Gi"
TestTerraformKafkaTopicsExample 2022-08-03T15:21:52Z logger.go:66:               + dependencies       = {
TestTerraformKafkaTopicsExample 2022-08-03T15:21:52Z logger.go:66:                   + connect        = [
TestTerraformKafkaTopicsExample 2022-08-03T15:21:52Z logger.go:66:                       + {
TestTerraformKafkaTopicsExample 2022-08-03T15:21:52Z logger.go:66:                           + name = "connect"
TestTerraformKafkaTopicsExample 2022-08-03T15:21:52Z logger.go:66:                           + url  = "http://connect.confluent.svc.cluster.local:8083"
TestTerraformKafkaTopicsExample 2022-08-03T15:21:52Z logger.go:66:                         },
TestTerraformKafkaTopicsExample 2022-08-03T15:21:52Z logger.go:66:                     ]
TestTerraformKafkaTopicsExample 2022-08-03T15:21:52Z logger.go:66:                   + ksqldb         = [
TestTerraformKafkaTopicsExample 2022-08-03T15:21:52Z logger.go:66:                       + {
TestTerraformKafkaTopicsExample 2022-08-03T15:21:52Z logger.go:66:                           + name = "ksqldb"
TestTerraformKafkaTopicsExample 2022-08-03T15:21:52Z logger.go:66:                           + url  = "http://ksqldb.confluent.svc.cluster.local:8088"
TestTerraformKafkaTopicsExample 2022-08-03T15:21:52Z logger.go:66:                         },
TestTerraformKafkaTopicsExample 2022-08-03T15:21:52Z logger.go:66:                     ]
TestTerraformKafkaTopicsExample 2022-08-03T15:21:52Z logger.go:66:                   + schemaRegistry = {
TestTerraformKafkaTopicsExample 2022-08-03T15:21:52Z logger.go:66:                       + url = "http://schemaregistry.confluent.svc.cluster.local:8081"
TestTerraformKafkaTopicsExample 2022-08-03T15:21:52Z logger.go:66:                     }
TestTerraformKafkaTopicsExample 2022-08-03T15:21:52Z logger.go:66:                 }
TestTerraformKafkaTopicsExample 2022-08-03T15:21:52Z logger.go:66:               + image              = {
TestTerraformKafkaTopicsExample 2022-08-03T15:21:52Z logger.go:66:                   + application = "confluentinc/cp-enterprise-control-center:7.2.0"
TestTerraformKafkaTopicsExample 2022-08-03T15:21:52Z logger.go:66:                   + init        = "confluentinc/confluent-init-container:2.4.0"
TestTerraformKafkaTopicsExample 2022-08-03T15:21:52Z logger.go:66:                 }
TestTerraformKafkaTopicsExample 2022-08-03T15:21:52Z logger.go:66:               + replicas           = 1
TestTerraformKafkaTopicsExample 2022-08-03T15:21:52Z logger.go:66:             }
TestTerraformKafkaTopicsExample 2022-08-03T15:21:52Z logger.go:66:         }
TestTerraformKafkaTopicsExample 2022-08-03T15:21:52Z logger.go:66:       + object          = {
TestTerraformKafkaTopicsExample 2022-08-03T15:21:52Z logger.go:66:           + apiVersion = "platform.confluent.io/v1beta1"
TestTerraformKafkaTopicsExample 2022-08-03T15:21:52Z logger.go:66:           + kind       = "ControlCenter"
TestTerraformKafkaTopicsExample 2022-08-03T15:21:52Z logger.go:66:           + metadata   = {
TestTerraformKafkaTopicsExample 2022-08-03T15:21:52Z logger.go:66:               + annotations                = (known after apply)
TestTerraformKafkaTopicsExample 2022-08-03T15:21:52Z logger.go:66:               + clusterName                = (known after apply)
TestTerraformKafkaTopicsExample 2022-08-03T15:21:52Z logger.go:66:               + creationTimestamp          = (known after apply)
TestTerraformKafkaTopicsExample 2022-08-03T15:21:52Z logger.go:66:               + deletionGracePeriodSeconds = (known after apply)
TestTerraformKafkaTopicsExample 2022-08-03T15:21:52Z logger.go:66:               + deletionTimestamp          = (known after apply)
TestTerraformKafkaTopicsExample 2022-08-03T15:21:52Z logger.go:66:               + finalizers                 = (known after apply)
TestTerraformKafkaTopicsExample 2022-08-03T15:21:52Z logger.go:66:               + generateName               = (known after apply)
TestTerraformKafkaTopicsExample 2022-08-03T15:21:52Z logger.go:66:               + generation                 = (known after apply)
TestTerraformKafkaTopicsExample 2022-08-03T15:21:52Z logger.go:66:               + labels                     = (known after apply)
TestTerraformKafkaTopicsExample 2022-08-03T15:21:52Z logger.go:66:               + managedFields              = (known after apply)
TestTerraformKafkaTopicsExample 2022-08-03T15:21:52Z logger.go:66:               + name                       = "controlcenter"
TestTerraformKafkaTopicsExample 2022-08-03T15:21:52Z logger.go:66:               + namespace                  = "confluent"
TestTerraformKafkaTopicsExample 2022-08-03T15:21:52Z logger.go:66:               + ownerReferences            = (known after apply)
TestTerraformKafkaTopicsExample 2022-08-03T15:21:52Z logger.go:66:               + resourceVersion            = (known after apply)
TestTerraformKafkaTopicsExample 2022-08-03T15:21:52Z logger.go:66:               + selfLink                   = (known after apply)
TestTerraformKafkaTopicsExample 2022-08-03T15:21:52Z logger.go:66:               + uid                        = (known after apply)
TestTerraformKafkaTopicsExample 2022-08-03T15:21:52Z logger.go:66:             }
TestTerraformKafkaTopicsExample 2022-08-03T15:21:52Z logger.go:66:           + spec       = {
TestTerraformKafkaTopicsExample 2022-08-03T15:21:52Z logger.go:66:               + authentication                = {
TestTerraformKafkaTopicsExample 2022-08-03T15:21:52Z logger.go:66:                   + basic = {
TestTerraformKafkaTopicsExample 2022-08-03T15:21:52Z logger.go:66:                       + debug                    = (known after apply)
TestTerraformKafkaTopicsExample 2022-08-03T15:21:52Z logger.go:66:                       + directoryPathInContainer = (known after apply)
TestTerraformKafkaTopicsExample 2022-08-03T15:21:52Z logger.go:66:                       + restrictedRoles          = (known after apply)
TestTerraformKafkaTopicsExample 2022-08-03T15:21:52Z logger.go:66:                       + roles                    = (known after apply)
TestTerraformKafkaTopicsExample 2022-08-03T15:21:52Z logger.go:66:                       + secretRef                = (known after apply)
TestTerraformKafkaTopicsExample 2022-08-03T15:21:52Z logger.go:66:                     }
TestTerraformKafkaTopicsExample 2022-08-03T15:21:52Z logger.go:66:                   + ldap  = {
TestTerraformKafkaTopicsExample 2022-08-03T15:21:52Z logger.go:66:                       + debug           = (known after apply)
TestTerraformKafkaTopicsExample 2022-08-03T15:21:52Z logger.go:66:                       + property        = (known after apply)
TestTerraformKafkaTopicsExample 2022-08-03T15:21:52Z logger.go:66:                       + restrictedRoles = (known after apply)
TestTerraformKafkaTopicsExample 2022-08-03T15:21:52Z logger.go:66:                       + roles           = (known after apply)
TestTerraformKafkaTopicsExample 2022-08-03T15:21:52Z logger.go:66:                       + secretRef       = (known after apply)
TestTerraformKafkaTopicsExample 2022-08-03T15:21:52Z logger.go:66:                     }
TestTerraformKafkaTopicsExample 2022-08-03T15:21:52Z logger.go:66:                   + type  = (known after apply)
TestTerraformKafkaTopicsExample 2022-08-03T15:21:52Z logger.go:66:                 }
TestTerraformKafkaTopicsExample 2022-08-03T15:21:52Z logger.go:66:               + authorization                 = {
TestTerraformKafkaTopicsExample 2022-08-03T15:21:52Z logger.go:66:                   + kafkaRestClassRef = {
TestTerraformKafkaTopicsExample 2022-08-03T15:21:52Z logger.go:66:                       + name      = (known after apply)
TestTerraformKafkaTopicsExample 2022-08-03T15:21:52Z logger.go:66:                       + namespace = (known after apply)
TestTerraformKafkaTopicsExample 2022-08-03T15:21:52Z logger.go:66:                     }
TestTerraformKafkaTopicsExample 2022-08-03T15:21:52Z logger.go:66:                   + type              = (known after apply)
TestTerraformKafkaTopicsExample 2022-08-03T15:21:52Z logger.go:66:                 }
TestTerraformKafkaTopicsExample 2022-08-03T15:21:52Z logger.go:66:               + configOverrides               = {
TestTerraformKafkaTopicsExample 2022-08-03T15:21:52Z logger.go:66:                   + jvm    = (known after apply)
TestTerraformKafkaTopicsExample 2022-08-03T15:21:52Z logger.go:66:                   + log4j  = (known after apply)
TestTerraformKafkaTopicsExample 2022-08-03T15:21:52Z logger.go:66:                   + server = (known after apply)
TestTerraformKafkaTopicsExample 2022-08-03T15:21:52Z logger.go:66:                 }
TestTerraformKafkaTopicsExample 2022-08-03T15:21:52Z logger.go:66:               + dataVolumeCapacity            = "10Gi"
TestTerraformKafkaTopicsExample 2022-08-03T15:21:52Z logger.go:66:               + dependencies                  = {
TestTerraformKafkaTopicsExample 2022-08-03T15:21:52Z logger.go:66:                   + connect        = [
TestTerraformKafkaTopicsExample 2022-08-03T15:21:52Z logger.go:66:                       + {
TestTerraformKafkaTopicsExample 2022-08-03T15:21:52Z logger.go:66:                           + authentication = {
TestTerraformKafkaTopicsExample 2022-08-03T15:21:52Z logger.go:66:                               + basic = {
TestTerraformKafkaTopicsExample 2022-08-03T15:21:52Z logger.go:66:                                   + debug                    = (known after apply)
TestTerraformKafkaTopicsExample 2022-08-03T15:21:52Z logger.go:66:                                   + directoryPathInContainer = (known after apply)
TestTerraformKafkaTopicsExample 2022-08-03T15:21:52Z logger.go:66:                                   + restrictedRoles          = (known after apply)
TestTerraformKafkaTopicsExample 2022-08-03T15:21:52Z logger.go:66:                                   + roles                    = (known after apply)
TestTerraformKafkaTopicsExample 2022-08-03T15:21:52Z logger.go:66:                                   + secretRef                = (known after apply)
TestTerraformKafkaTopicsExample 2022-08-03T15:21:52Z logger.go:66:                                 }
TestTerraformKafkaTopicsExample 2022-08-03T15:21:52Z logger.go:66:                               + type  = (known after apply)
TestTerraformKafkaTopicsExample 2022-08-03T15:21:52Z logger.go:66:                             }
TestTerraformKafkaTopicsExample 2022-08-03T15:21:52Z logger.go:66:                           + name           = "connect"
TestTerraformKafkaTopicsExample 2022-08-03T15:21:52Z logger.go:66:                           + tls            = {
TestTerraformKafkaTopicsExample 2022-08-03T15:21:52Z logger.go:66:                               + directoryPathInContainer = (known after apply)
TestTerraformKafkaTopicsExample 2022-08-03T15:21:52Z logger.go:66:                               + enabled                  = (known after apply)
TestTerraformKafkaTopicsExample 2022-08-03T15:21:52Z logger.go:66:                               + ignoreTrustStoreConfig   = (known after apply)
TestTerraformKafkaTopicsExample 2022-08-03T15:21:52Z logger.go:66:                               + jksPassword              = {
TestTerraformKafkaTopicsExample 2022-08-03T15:21:52Z logger.go:66:                                   + secretRef = (known after apply)
TestTerraformKafkaTopicsExample 2022-08-03T15:21:52Z logger.go:66:                                 }
TestTerraformKafkaTopicsExample 2022-08-03T15:21:52Z logger.go:66:                               + secretRef                = (known after apply)
TestTerraformKafkaTopicsExample 2022-08-03T15:21:52Z logger.go:66:                             }
TestTerraformKafkaTopicsExample 2022-08-03T15:21:52Z logger.go:66:                           + url            = "http://connect.confluent.svc.cluster.local:8083"
TestTerraformKafkaTopicsExample 2022-08-03T15:21:52Z logger.go:66:                         },
TestTerraformKafkaTopicsExample 2022-08-03T15:21:52Z logger.go:66:                     ]
TestTerraformKafkaTopicsExample 2022-08-03T15:21:52Z logger.go:66:                   + kafka          = {
TestTerraformKafkaTopicsExample 2022-08-03T15:21:52Z logger.go:66:                       + authentication    = {
TestTerraformKafkaTopicsExample 2022-08-03T15:21:52Z logger.go:66:                           + jaasConfig            = {
TestTerraformKafkaTopicsExample 2022-08-03T15:21:52Z logger.go:66:                               + secretRef = (known after apply)
TestTerraformKafkaTopicsExample 2022-08-03T15:21:52Z logger.go:66:                             }
TestTerraformKafkaTopicsExample 2022-08-03T15:21:52Z logger.go:66:                           + jaasConfigPassThrough = {
TestTerraformKafkaTopicsExample 2022-08-03T15:21:52Z logger.go:66:                               + directoryPathInContainer = (known after apply)
TestTerraformKafkaTopicsExample 2022-08-03T15:21:52Z logger.go:66:                               + secretRef                = (known after apply)
TestTerraformKafkaTopicsExample 2022-08-03T15:21:52Z logger.go:66:                             }
TestTerraformKafkaTopicsExample 2022-08-03T15:21:52Z logger.go:66:                           + oauthbearer           = {
TestTerraformKafkaTopicsExample 2022-08-03T15:21:52Z logger.go:66:                               + directoryPathInContainer = (known after apply)
TestTerraformKafkaTopicsExample 2022-08-03T15:21:52Z logger.go:66:                               + secretRef                = (known after apply)
TestTerraformKafkaTopicsExample 2022-08-03T15:21:52Z logger.go:66:                             }
TestTerraformKafkaTopicsExample 2022-08-03T15:21:52Z logger.go:66:                           + type                  = (known after apply)
TestTerraformKafkaTopicsExample 2022-08-03T15:21:52Z logger.go:66:                         }
TestTerraformKafkaTopicsExample 2022-08-03T15:21:52Z logger.go:66:                       + bootstrapEndpoint = (known after apply)
TestTerraformKafkaTopicsExample 2022-08-03T15:21:52Z logger.go:66:                       + discovery         = {
TestTerraformKafkaTopicsExample 2022-08-03T15:21:52Z logger.go:66:                           + name      = (known after apply)
TestTerraformKafkaTopicsExample 2022-08-03T15:21:52Z logger.go:66:                           + namespace = (known after apply)
TestTerraformKafkaTopicsExample 2022-08-03T15:21:52Z logger.go:66:                           + secretRef = (known after apply)
TestTerraformKafkaTopicsExample 2022-08-03T15:21:52Z logger.go:66:                         }
TestTerraformKafkaTopicsExample 2022-08-03T15:21:52Z logger.go:66:                       + tls               = {
TestTerraformKafkaTopicsExample 2022-08-03T15:21:52Z logger.go:66:                           + directoryPathInContainer = (known after apply)
TestTerraformKafkaTopicsExample 2022-08-03T15:21:52Z logger.go:66:                           + enabled                  = (known after apply)
TestTerraformKafkaTopicsExample 2022-08-03T15:21:52Z logger.go:66:                           + ignoreTrustStoreConfig   = (known after apply)
TestTerraformKafkaTopicsExample 2022-08-03T15:21:52Z logger.go:66:                           + jksPassword              = {
TestTerraformKafkaTopicsExample 2022-08-03T15:21:52Z logger.go:66:                               + secretRef = (known after apply)
TestTerraformKafkaTopicsExample 2022-08-03T15:21:52Z logger.go:66:                             }
TestTerraformKafkaTopicsExample 2022-08-03T15:21:52Z logger.go:66:                           + secretRef                = (known after apply)
TestTerraformKafkaTopicsExample 2022-08-03T15:21:52Z logger.go:66:                         }
TestTerraformKafkaTopicsExample 2022-08-03T15:21:52Z logger.go:66:                     }
TestTerraformKafkaTopicsExample 2022-08-03T15:21:52Z logger.go:66:                   + ksqldb         = [
TestTerraformKafkaTopicsExample 2022-08-03T15:21:52Z logger.go:66:                       + {
TestTerraformKafkaTopicsExample 2022-08-03T15:21:52Z logger.go:66:                           + advertisedUrl  = (known after apply)
TestTerraformKafkaTopicsExample 2022-08-03T15:21:52Z logger.go:66:                           + authentication = {
TestTerraformKafkaTopicsExample 2022-08-03T15:21:52Z logger.go:66:                               + basic = {
TestTerraformKafkaTopicsExample 2022-08-03T15:21:52Z logger.go:66:                                   + debug                    = (known after apply)
TestTerraformKafkaTopicsExample 2022-08-03T15:21:52Z logger.go:66:                                   + directoryPathInContainer = (known after apply)
TestTerraformKafkaTopicsExample 2022-08-03T15:21:52Z logger.go:66:                                   + restrictedRoles          = (known after apply)
TestTerraformKafkaTopicsExample 2022-08-03T15:21:52Z logger.go:66:                                   + roles                    = (known after apply)
TestTerraformKafkaTopicsExample 2022-08-03T15:21:52Z logger.go:66:                                   + secretRef                = (known after apply)
TestTerraformKafkaTopicsExample 2022-08-03T15:21:52Z logger.go:66:                                 }
TestTerraformKafkaTopicsExample 2022-08-03T15:21:52Z logger.go:66:                               + type  = (known after apply)
TestTerraformKafkaTopicsExample 2022-08-03T15:21:52Z logger.go:66:                             }
TestTerraformKafkaTopicsExample 2022-08-03T15:21:52Z logger.go:66:                           + name           = "ksqldb"
TestTerraformKafkaTopicsExample 2022-08-03T15:21:52Z logger.go:66:                           + tls            = {
TestTerraformKafkaTopicsExample 2022-08-03T15:21:52Z logger.go:66:                               + directoryPathInContainer = (known after apply)
TestTerraformKafkaTopicsExample 2022-08-03T15:21:52Z logger.go:66:                               + enabled                  = (known after apply)
TestTerraformKafkaTopicsExample 2022-08-03T15:21:52Z logger.go:66:                               + ignoreTrustStoreConfig   = (known after apply)
TestTerraformKafkaTopicsExample 2022-08-03T15:21:52Z logger.go:66:                               + jksPassword              = {
TestTerraformKafkaTopicsExample 2022-08-03T15:21:52Z logger.go:66:                                   + secretRef = (known after apply)
TestTerraformKafkaTopicsExample 2022-08-03T15:21:52Z logger.go:66:                                 }
TestTerraformKafkaTopicsExample 2022-08-03T15:21:52Z logger.go:66:                               + secretRef                = (known after apply)
TestTerraformKafkaTopicsExample 2022-08-03T15:21:52Z logger.go:66:                             }
TestTerraformKafkaTopicsExample 2022-08-03T15:21:52Z logger.go:66:                           + url            = "http://ksqldb.confluent.svc.cluster.local:8088"
TestTerraformKafkaTopicsExample 2022-08-03T15:21:52Z logger.go:66:                         },
TestTerraformKafkaTopicsExample 2022-08-03T15:21:52Z logger.go:66:                     ]
TestTerraformKafkaTopicsExample 2022-08-03T15:21:52Z logger.go:66:                   + mds            = {
TestTerraformKafkaTopicsExample 2022-08-03T15:21:52Z logger.go:66:                       + authentication = {
TestTerraformKafkaTopicsExample 2022-08-03T15:21:52Z logger.go:66:                           + bearer = {
TestTerraformKafkaTopicsExample 2022-08-03T15:21:52Z logger.go:66:                               + directoryPathInContainer = (known after apply)
TestTerraformKafkaTopicsExample 2022-08-03T15:21:52Z logger.go:66:                               + secretRef                = (known after apply)
TestTerraformKafkaTopicsExample 2022-08-03T15:21:52Z logger.go:66:                             }
TestTerraformKafkaTopicsExample 2022-08-03T15:21:52Z logger.go:66:                           + type   = (known after apply)
TestTerraformKafkaTopicsExample 2022-08-03T15:21:52Z logger.go:66:                         }
TestTerraformKafkaTopicsExample 2022-08-03T15:21:52Z logger.go:66:                       + endpoint       = (known after apply)
TestTerraformKafkaTopicsExample 2022-08-03T15:21:52Z logger.go:66:                       + tls            = {
TestTerraformKafkaTopicsExample 2022-08-03T15:21:52Z logger.go:66:                           + directoryPathInContainer = (known after apply)
TestTerraformKafkaTopicsExample 2022-08-03T15:21:52Z logger.go:66:                           + enabled                  = (known after apply)
TestTerraformKafkaTopicsExample 2022-08-03T15:21:52Z logger.go:66:                           + ignoreTrustStoreConfig   = (known after apply)
TestTerraformKafkaTopicsExample 2022-08-03T15:21:52Z logger.go:66:                           + jksPassword              = {
TestTerraformKafkaTopicsExample 2022-08-03T15:21:52Z logger.go:66:                               + secretRef = (known after apply)
TestTerraformKafkaTopicsExample 2022-08-03T15:21:52Z logger.go:66:                             }
TestTerraformKafkaTopicsExample 2022-08-03T15:21:52Z logger.go:66:                           + secretRef                = (known after apply)
TestTerraformKafkaTopicsExample 2022-08-03T15:21:52Z logger.go:66:                         }
TestTerraformKafkaTopicsExample 2022-08-03T15:21:52Z logger.go:66:                       + tokenKeyPair   = {
TestTerraformKafkaTopicsExample 2022-08-03T15:21:52Z logger.go:66:                           + directoryPathInContainer = (known after apply)
TestTerraformKafkaTopicsExample 2022-08-03T15:21:52Z logger.go:66:                           + secretRef                = (known after apply)
TestTerraformKafkaTopicsExample 2022-08-03T15:21:52Z logger.go:66:                         }
TestTerraformKafkaTopicsExample 2022-08-03T15:21:52Z logger.go:66:                     }
TestTerraformKafkaTopicsExample 2022-08-03T15:21:52Z logger.go:66:                   + schemaRegistry = {
TestTerraformKafkaTopicsExample 2022-08-03T15:21:52Z logger.go:66:                       + authentication = {
TestTerraformKafkaTopicsExample 2022-08-03T15:21:52Z logger.go:66:                           + basic = {
TestTerraformKafkaTopicsExample 2022-08-03T15:21:52Z logger.go:66:                               + debug                    = (known after apply)
TestTerraformKafkaTopicsExample 2022-08-03T15:21:52Z logger.go:66:                               + directoryPathInContainer = (known after apply)
TestTerraformKafkaTopicsExample 2022-08-03T15:21:52Z logger.go:66:                               + restrictedRoles          = (known after apply)
TestTerraformKafkaTopicsExample 2022-08-03T15:21:52Z logger.go:66:                               + roles                    = (known after apply)
TestTerraformKafkaTopicsExample 2022-08-03T15:21:52Z logger.go:66:                               + secretRef                = (known after apply)
TestTerraformKafkaTopicsExample 2022-08-03T15:21:52Z logger.go:66:                             }
TestTerraformKafkaTopicsExample 2022-08-03T15:21:52Z logger.go:66:                           + type  = (known after apply)
TestTerraformKafkaTopicsExample 2022-08-03T15:21:52Z logger.go:66:                         }
TestTerraformKafkaTopicsExample 2022-08-03T15:21:52Z logger.go:66:                       + clusters       = (known after apply)
TestTerraformKafkaTopicsExample 2022-08-03T15:21:52Z logger.go:66:                       + tls            = {
TestTerraformKafkaTopicsExample 2022-08-03T15:21:52Z logger.go:66:                           + directoryPathInContainer = (known after apply)
TestTerraformKafkaTopicsExample 2022-08-03T15:21:52Z logger.go:66:                           + enabled                  = (known after apply)
TestTerraformKafkaTopicsExample 2022-08-03T15:21:52Z logger.go:66:                           + ignoreTrustStoreConfig   = (known after apply)
TestTerraformKafkaTopicsExample 2022-08-03T15:21:52Z logger.go:66:                           + jksPassword              = {
TestTerraformKafkaTopicsExample 2022-08-03T15:21:52Z logger.go:66:                               + secretRef = (known after apply)
TestTerraformKafkaTopicsExample 2022-08-03T15:21:52Z logger.go:66:                             }
TestTerraformKafkaTopicsExample 2022-08-03T15:21:52Z logger.go:66:                           + secretRef                = (known after apply)
TestTerraformKafkaTopicsExample 2022-08-03T15:21:52Z logger.go:66:                         }
TestTerraformKafkaTopicsExample 2022-08-03T15:21:52Z logger.go:66:                       + url            = "http://schemaregistry.confluent.svc.cluster.local:8081"
TestTerraformKafkaTopicsExample 2022-08-03T15:21:52Z logger.go:66:                     }
TestTerraformKafkaTopicsExample 2022-08-03T15:21:52Z logger.go:66:                 }
TestTerraformKafkaTopicsExample 2022-08-03T15:21:52Z logger.go:66:               + externalAccess                = {
TestTerraformKafkaTopicsExample 2022-08-03T15:21:52Z logger.go:66:                   + loadBalancer = {
TestTerraformKafkaTopicsExample 2022-08-03T15:21:52Z logger.go:66:                       + advertisedURL            = {
TestTerraformKafkaTopicsExample 2022-08-03T15:21:52Z logger.go:66:                           + enabled = (known after apply)
TestTerraformKafkaTopicsExample 2022-08-03T15:21:52Z logger.go:66:                           + prefix  = (known after apply)
TestTerraformKafkaTopicsExample 2022-08-03T15:21:52Z logger.go:66:                         }
TestTerraformKafkaTopicsExample 2022-08-03T15:21:52Z logger.go:66:                       + annotations              = (known after apply)
TestTerraformKafkaTopicsExample 2022-08-03T15:21:52Z logger.go:66:                       + domain                   = (known after apply)
TestTerraformKafkaTopicsExample 2022-08-03T15:21:52Z logger.go:66:                       + externalTrafficPolicy    = (known after apply)
TestTerraformKafkaTopicsExample 2022-08-03T15:21:52Z logger.go:66:                       + labels                   = (known after apply)
TestTerraformKafkaTopicsExample 2022-08-03T15:21:52Z logger.go:66:                       + loadBalancerSourceRanges = (known after apply)
TestTerraformKafkaTopicsExample 2022-08-03T15:21:52Z logger.go:66:                       + port                     = (known after apply)
TestTerraformKafkaTopicsExample 2022-08-03T15:21:52Z logger.go:66:                       + prefix                   = (known after apply)
TestTerraformKafkaTopicsExample 2022-08-03T15:21:52Z logger.go:66:                       + servicePorts             = (known after apply)
TestTerraformKafkaTopicsExample 2022-08-03T15:21:52Z logger.go:66:                       + sessionAffinity          = (known after apply)
TestTerraformKafkaTopicsExample 2022-08-03T15:21:52Z logger.go:66:                       + sessionAffinityConfig    = {
TestTerraformKafkaTopicsExample 2022-08-03T15:21:52Z logger.go:66:                           + clientIP = {
TestTerraformKafkaTopicsExample 2022-08-03T15:21:52Z logger.go:66:                               + timeoutSeconds = (known after apply)
TestTerraformKafkaTopicsExample 2022-08-03T15:21:52Z logger.go:66:                             }
TestTerraformKafkaTopicsExample 2022-08-03T15:21:52Z logger.go:66:                         }
TestTerraformKafkaTopicsExample 2022-08-03T15:21:52Z logger.go:66:                     }
TestTerraformKafkaTopicsExample 2022-08-03T15:21:52Z logger.go:66:                   + nodePort     = {
TestTerraformKafkaTopicsExample 2022-08-03T15:21:52Z logger.go:66:                       + advertisedURL         = {
TestTerraformKafkaTopicsExample 2022-08-03T15:21:52Z logger.go:66:                           + enabled = (known after apply)
TestTerraformKafkaTopicsExample 2022-08-03T15:21:52Z logger.go:66:                           + prefix  = (known after apply)
TestTerraformKafkaTopicsExample 2022-08-03T15:21:52Z logger.go:66:                         }
TestTerraformKafkaTopicsExample 2022-08-03T15:21:52Z logger.go:66:                       + annotations           = (known after apply)
TestTerraformKafkaTopicsExample 2022-08-03T15:21:52Z logger.go:66:                       + externalTrafficPolicy = (known after apply)
TestTerraformKafkaTopicsExample 2022-08-03T15:21:52Z logger.go:66:                       + host                  = (known after apply)
TestTerraformKafkaTopicsExample 2022-08-03T15:21:52Z logger.go:66:                       + labels                = (known after apply)
TestTerraformKafkaTopicsExample 2022-08-03T15:21:52Z logger.go:66:                       + nodePortOffset        = (known after apply)
TestTerraformKafkaTopicsExample 2022-08-03T15:21:52Z logger.go:66:                       + servicePorts          = (known after apply)
TestTerraformKafkaTopicsExample 2022-08-03T15:21:52Z logger.go:66:                       + sessionAffinity       = (known after apply)
TestTerraformKafkaTopicsExample 2022-08-03T15:21:52Z logger.go:66:                       + sessionAffinityConfig = {
TestTerraformKafkaTopicsExample 2022-08-03T15:21:52Z logger.go:66:                           + clientIP = {
TestTerraformKafkaTopicsExample 2022-08-03T15:21:52Z logger.go:66:                               + timeoutSeconds = (known after apply)
TestTerraformKafkaTopicsExample 2022-08-03T15:21:52Z logger.go:66:                             }
TestTerraformKafkaTopicsExample 2022-08-03T15:21:52Z logger.go:66:                         }
TestTerraformKafkaTopicsExample 2022-08-03T15:21:52Z logger.go:66:                     }
TestTerraformKafkaTopicsExample 2022-08-03T15:21:52Z logger.go:66:                   + route        = {
TestTerraformKafkaTopicsExample 2022-08-03T15:21:52Z logger.go:66:                       + annotations    = (known after apply)
TestTerraformKafkaTopicsExample 2022-08-03T15:21:52Z logger.go:66:                       + domain         = (known after apply)
TestTerraformKafkaTopicsExample 2022-08-03T15:21:52Z logger.go:66:                       + labels         = (known after apply)
TestTerraformKafkaTopicsExample 2022-08-03T15:21:52Z logger.go:66:                       + prefix         = (known after apply)
TestTerraformKafkaTopicsExample 2022-08-03T15:21:52Z logger.go:66:                       + wildcardPolicy = (known after apply)
TestTerraformKafkaTopicsExample 2022-08-03T15:21:52Z logger.go:66:                     }
TestTerraformKafkaTopicsExample 2022-08-03T15:21:52Z logger.go:66:                   + type         = (known after apply)
TestTerraformKafkaTopicsExample 2022-08-03T15:21:52Z logger.go:66:                 }
TestTerraformKafkaTopicsExample 2022-08-03T15:21:52Z logger.go:66:               + headlessService               = {
TestTerraformKafkaTopicsExample 2022-08-03T15:21:52Z logger.go:66:                   + annotations              = (known after apply)
TestTerraformKafkaTopicsExample 2022-08-03T15:21:52Z logger.go:66:                   + labels                   = (known after apply)
TestTerraformKafkaTopicsExample 2022-08-03T15:21:52Z logger.go:66:                   + publishNotReadyAddresses = (known after apply)
TestTerraformKafkaTopicsExample 2022-08-03T15:21:52Z logger.go:66:                 }
TestTerraformKafkaTopicsExample 2022-08-03T15:21:52Z logger.go:66:               + id                            = (known after apply)
TestTerraformKafkaTopicsExample 2022-08-03T15:21:52Z logger.go:66:               + image                         = {
TestTerraformKafkaTopicsExample 2022-08-03T15:21:52Z logger.go:66:                   + application   = "confluentinc/cp-enterprise-control-center:7.2.0"
TestTerraformKafkaTopicsExample 2022-08-03T15:21:52Z logger.go:66:                   + init          = "confluentinc/confluent-init-container:2.4.0"
TestTerraformKafkaTopicsExample 2022-08-03T15:21:52Z logger.go:66:                   + pullPolicy    = (known after apply)
TestTerraformKafkaTopicsExample 2022-08-03T15:21:52Z logger.go:66:                   + pullSecretRef = (known after apply)
TestTerraformKafkaTopicsExample 2022-08-03T15:21:52Z logger.go:66:                 }
TestTerraformKafkaTopicsExample 2022-08-03T15:21:52Z logger.go:66:               + injectAnnotations             = (known after apply)
TestTerraformKafkaTopicsExample 2022-08-03T15:21:52Z logger.go:66:               + injectLabels                  = (known after apply)
TestTerraformKafkaTopicsExample 2022-08-03T15:21:52Z logger.go:66:               + internalTopicReplicatorFactor = (known after apply)
TestTerraformKafkaTopicsExample 2022-08-03T15:21:52Z logger.go:66:               + k8sClusterDomain              = (known after apply)
TestTerraformKafkaTopicsExample 2022-08-03T15:21:52Z logger.go:66:               + license                       = {
TestTerraformKafkaTopicsExample 2022-08-03T15:21:52Z logger.go:66:                   + directoryPathInContainer = (known after apply)
TestTerraformKafkaTopicsExample 2022-08-03T15:21:52Z logger.go:66:                   + globalLicense            = (known after apply)
TestTerraformKafkaTopicsExample 2022-08-03T15:21:52Z logger.go:66:                   + secretRef                = (known after apply)
TestTerraformKafkaTopicsExample 2022-08-03T15:21:52Z logger.go:66:                 }
TestTerraformKafkaTopicsExample 2022-08-03T15:21:52Z logger.go:66:               + mail                          = {
TestTerraformKafkaTopicsExample 2022-08-03T15:21:52Z logger.go:66:                   + authentication      = {
TestTerraformKafkaTopicsExample 2022-08-03T15:21:52Z logger.go:66:                       + basic = {
TestTerraformKafkaTopicsExample 2022-08-03T15:21:52Z logger.go:66:                           + debug                    = (known after apply)
TestTerraformKafkaTopicsExample 2022-08-03T15:21:52Z logger.go:66:                           + directoryPathInContainer = (known after apply)
TestTerraformKafkaTopicsExample 2022-08-03T15:21:52Z logger.go:66:                           + restrictedRoles          = (known after apply)
TestTerraformKafkaTopicsExample 2022-08-03T15:21:52Z logger.go:66:                           + roles                    = (known after apply)
TestTerraformKafkaTopicsExample 2022-08-03T15:21:52Z logger.go:66:                           + secretRef                = (known after apply)
TestTerraformKafkaTopicsExample 2022-08-03T15:21:52Z logger.go:66:                         }
TestTerraformKafkaTopicsExample 2022-08-03T15:21:52Z logger.go:66:                       + type  = (known after apply)
TestTerraformKafkaTopicsExample 2022-08-03T15:21:52Z logger.go:66:                     }
TestTerraformKafkaTopicsExample 2022-08-03T15:21:52Z logger.go:66:                   + checkServerIdentity = (known after apply)
TestTerraformKafkaTopicsExample 2022-08-03T15:21:52Z logger.go:66:                   + hostname            = (known after apply)
TestTerraformKafkaTopicsExample 2022-08-03T15:21:52Z logger.go:66:                   + mailBounceAddress   = (known after apply)
TestTerraformKafkaTopicsExample 2022-08-03T15:21:52Z logger.go:66:                   + mailFrom            = (known after apply)
TestTerraformKafkaTopicsExample 2022-08-03T15:21:52Z logger.go:66:                   + port                = (known after apply)
TestTerraformKafkaTopicsExample 2022-08-03T15:21:52Z logger.go:66:                   + startTLSRequired    = (known after apply)
TestTerraformKafkaTopicsExample 2022-08-03T15:21:52Z logger.go:66:                 }
TestTerraformKafkaTopicsExample 2022-08-03T15:21:52Z logger.go:66:               + metrics                       = {
TestTerraformKafkaTopicsExample 2022-08-03T15:21:52Z logger.go:66:                   + authentication = {
TestTerraformKafkaTopicsExample 2022-08-03T15:21:52Z logger.go:66:                       + type = (known after apply)
TestTerraformKafkaTopicsExample 2022-08-03T15:21:52Z logger.go:66:                     }
TestTerraformKafkaTopicsExample 2022-08-03T15:21:52Z logger.go:66:                   + prometheus     = {
TestTerraformKafkaTopicsExample 2022-08-03T15:21:52Z logger.go:66:                       + blacklist = (known after apply)
TestTerraformKafkaTopicsExample 2022-08-03T15:21:52Z logger.go:66:                       + rules     = (known after apply)
TestTerraformKafkaTopicsExample 2022-08-03T15:21:52Z logger.go:66:                       + whitelist = (known after apply)
TestTerraformKafkaTopicsExample 2022-08-03T15:21:52Z logger.go:66:                     }
TestTerraformKafkaTopicsExample 2022-08-03T15:21:52Z logger.go:66:                   + tls            = {
TestTerraformKafkaTopicsExample 2022-08-03T15:21:52Z logger.go:66:                       + directoryPathInContainer = (known after apply)
TestTerraformKafkaTopicsExample 2022-08-03T15:21:52Z logger.go:66:                       + enabled                  = (known after apply)
TestTerraformKafkaTopicsExample 2022-08-03T15:21:52Z logger.go:66:                       + ignoreTrustStoreConfig   = (known after apply)
TestTerraformKafkaTopicsExample 2022-08-03T15:21:52Z logger.go:66:                       + jksPassword              = {
TestTerraformKafkaTopicsExample 2022-08-03T15:21:52Z logger.go:66:                           + secretRef = (known after apply)
TestTerraformKafkaTopicsExample 2022-08-03T15:21:52Z logger.go:66:                         }
TestTerraformKafkaTopicsExample 2022-08-03T15:21:52Z logger.go:66:                       + secretRef                = (known after apply)
TestTerraformKafkaTopicsExample 2022-08-03T15:21:52Z logger.go:66:                     }
TestTerraformKafkaTopicsExample 2022-08-03T15:21:52Z logger.go:66:                 }
TestTerraformKafkaTopicsExample 2022-08-03T15:21:52Z logger.go:66:               + monitoringKafkaClusters       = (known after apply)
TestTerraformKafkaTopicsExample 2022-08-03T15:21:52Z logger.go:66:               + mountedSecrets                = (known after apply)
TestTerraformKafkaTopicsExample 2022-08-03T15:21:52Z logger.go:66:               + mountedVolumes                = {
TestTerraformKafkaTopicsExample 2022-08-03T15:21:52Z logger.go:66:                   + volumeMounts = (known after apply)
TestTerraformKafkaTopicsExample 2022-08-03T15:21:52Z logger.go:66:                   + volumes      = (known after apply)
TestTerraformKafkaTopicsExample 2022-08-03T15:21:52Z logger.go:66:                 }
TestTerraformKafkaTopicsExample 2022-08-03T15:21:52Z logger.go:66:               + name                          = (known after apply)
TestTerraformKafkaTopicsExample 2022-08-03T15:21:52Z logger.go:66:               + oneReplicaPerNode             = (known after apply)
TestTerraformKafkaTopicsExample 2022-08-03T15:21:52Z logger.go:66:               + podTemplate                   = {
TestTerraformKafkaTopicsExample 2022-08-03T15:21:52Z logger.go:66:                   + affinity                      = {
TestTerraformKafkaTopicsExample 2022-08-03T15:21:52Z logger.go:66:                       + nodeAffinity    = {
TestTerraformKafkaTopicsExample 2022-08-03T15:21:52Z logger.go:66:                           + preferredDuringSchedulingIgnoredDuringExecution = (known after apply)
TestTerraformKafkaTopicsExample 2022-08-03T15:21:52Z logger.go:66:                           + requiredDuringSchedulingIgnoredDuringExecution  = {
TestTerraformKafkaTopicsExample 2022-08-03T15:21:52Z logger.go:66:                               + nodeSelectorTerms = (known after apply)
TestTerraformKafkaTopicsExample 2022-08-03T15:21:52Z logger.go:66:                             }
TestTerraformKafkaTopicsExample 2022-08-03T15:21:52Z logger.go:66:                         }
TestTerraformKafkaTopicsExample 2022-08-03T15:21:52Z logger.go:66:                       + podAffinity     = {
TestTerraformKafkaTopicsExample 2022-08-03T15:21:52Z logger.go:66:                           + preferredDuringSchedulingIgnoredDuringExecution = (known after apply)
TestTerraformKafkaTopicsExample 2022-08-03T15:21:52Z logger.go:66:                           + requiredDuringSchedulingIgnoredDuringExecution  = (known after apply)
TestTerraformKafkaTopicsExample 2022-08-03T15:21:52Z logger.go:66:                         }
TestTerraformKafkaTopicsExample 2022-08-03T15:21:52Z logger.go:66:                       + podAntiAffinity = {
TestTerraformKafkaTopicsExample 2022-08-03T15:21:52Z logger.go:66:                           + preferredDuringSchedulingIgnoredDuringExecution = (known after apply)
TestTerraformKafkaTopicsExample 2022-08-03T15:21:52Z logger.go:66:                           + requiredDuringSchedulingIgnoredDuringExecution  = (known after apply)
TestTerraformKafkaTopicsExample 2022-08-03T15:21:52Z logger.go:66:                         }
TestTerraformKafkaTopicsExample 2022-08-03T15:21:52Z logger.go:66:                     }
TestTerraformKafkaTopicsExample 2022-08-03T15:21:52Z logger.go:66:                   + annotations                   = (known after apply)
TestTerraformKafkaTopicsExample 2022-08-03T15:21:52Z logger.go:66:                   + envVars                       = (known after apply)
TestTerraformKafkaTopicsExample 2022-08-03T15:21:52Z logger.go:66:                   + labels                        = (known after apply)
TestTerraformKafkaTopicsExample 2022-08-03T15:21:52Z logger.go:66:                   + podSecurityContext            = {
TestTerraformKafkaTopicsExample 2022-08-03T15:21:52Z logger.go:66:                       + fsGroup             = (known after apply)
TestTerraformKafkaTopicsExample 2022-08-03T15:21:52Z logger.go:66:                       + fsGroupChangePolicy = (known after apply)
TestTerraformKafkaTopicsExample 2022-08-03T15:21:52Z logger.go:66:                       + runAsGroup          = (known after apply)
TestTerraformKafkaTopicsExample 2022-08-03T15:21:52Z logger.go:66:                       + runAsNonRoot        = (known after apply)
TestTerraformKafkaTopicsExample 2022-08-03T15:21:52Z logger.go:66:                       + runAsUser           = (known after apply)
TestTerraformKafkaTopicsExample 2022-08-03T15:21:52Z logger.go:66:                       + seLinuxOptions      = {
TestTerraformKafkaTopicsExample 2022-08-03T15:21:52Z logger.go:66:                           + level = (known after apply)
TestTerraformKafkaTopicsExample 2022-08-03T15:21:52Z logger.go:66:                           + role  = (known after apply)
TestTerraformKafkaTopicsExample 2022-08-03T15:21:52Z logger.go:66:                           + type  = (known after apply)
TestTerraformKafkaTopicsExample 2022-08-03T15:21:52Z logger.go:66:                           + user  = (known after apply)
TestTerraformKafkaTopicsExample 2022-08-03T15:21:52Z logger.go:66:                         }
TestTerraformKafkaTopicsExample 2022-08-03T15:21:52Z logger.go:66:                       + seccompProfile      = {
TestTerraformKafkaTopicsExample 2022-08-03T15:21:52Z logger.go:66:                           + localhostProfile = (known after apply)
TestTerraformKafkaTopicsExample 2022-08-03T15:21:52Z logger.go:66:                           + type             = (known after apply)
TestTerraformKafkaTopicsExample 2022-08-03T15:21:52Z logger.go:66:                         }
TestTerraformKafkaTopicsExample 2022-08-03T15:21:52Z logger.go:66:                       + supplementalGroups  = (known after apply)
TestTerraformKafkaTopicsExample 2022-08-03T15:21:52Z logger.go:66:                       + sysctls             = (known after apply)
TestTerraformKafkaTopicsExample 2022-08-03T15:21:52Z logger.go:66:                       + windowsOptions      = {
TestTerraformKafkaTopicsExample 2022-08-03T15:21:52Z logger.go:66:                           + gmsaCredentialSpec     = (known after apply)
TestTerraformKafkaTopicsExample 2022-08-03T15:21:52Z logger.go:66:                           + gmsaCredentialSpecName = (known after apply)
TestTerraformKafkaTopicsExample 2022-08-03T15:21:52Z logger.go:66:                           + hostProcess            = (known after apply)
TestTerraformKafkaTopicsExample 2022-08-03T15:21:52Z logger.go:66:                           + runAsUserName          = (known after apply)
TestTerraformKafkaTopicsExample 2022-08-03T15:21:52Z logger.go:66:                         }
TestTerraformKafkaTopicsExample 2022-08-03T15:21:52Z logger.go:66:                     }
TestTerraformKafkaTopicsExample 2022-08-03T15:21:52Z logger.go:66:                   + priorityClassName             = (known after apply)
TestTerraformKafkaTopicsExample 2022-08-03T15:21:52Z logger.go:66:                   + probe                         = {
TestTerraformKafkaTopicsExample 2022-08-03T15:21:52Z logger.go:66:                       + liveness  = {
TestTerraformKafkaTopicsExample 2022-08-03T15:21:52Z logger.go:66:                           + failureThreshold    = (known after apply)
TestTerraformKafkaTopicsExample 2022-08-03T15:21:52Z logger.go:66:                           + initialDelaySeconds = (known after apply)
TestTerraformKafkaTopicsExample 2022-08-03T15:21:52Z logger.go:66:                           + periodSeconds       = (known after apply)
TestTerraformKafkaTopicsExample 2022-08-03T15:21:52Z logger.go:66:                           + successThreshold    = (known after apply)
TestTerraformKafkaTopicsExample 2022-08-03T15:21:52Z logger.go:66:                           + timeoutSeconds      = (known after apply)
TestTerraformKafkaTopicsExample 2022-08-03T15:21:52Z logger.go:66:                         }
TestTerraformKafkaTopicsExample 2022-08-03T15:21:52Z logger.go:66:                       + readiness = {
TestTerraformKafkaTopicsExample 2022-08-03T15:21:52Z logger.go:66:                           + failureThreshold    = (known after apply)
TestTerraformKafkaTopicsExample 2022-08-03T15:21:52Z logger.go:66:                           + initialDelaySeconds = (known after apply)
TestTerraformKafkaTopicsExample 2022-08-03T15:21:52Z logger.go:66:                           + periodSeconds       = (known after apply)
TestTerraformKafkaTopicsExample 2022-08-03T15:21:52Z logger.go:66:                           + successThreshold    = (known after apply)
TestTerraformKafkaTopicsExample 2022-08-03T15:21:52Z logger.go:66:                           + timeoutSeconds      = (known after apply)
TestTerraformKafkaTopicsExample 2022-08-03T15:21:52Z logger.go:66:                         }
TestTerraformKafkaTopicsExample 2022-08-03T15:21:52Z logger.go:66:                     }
TestTerraformKafkaTopicsExample 2022-08-03T15:21:52Z logger.go:66:                   + resources                     = {
TestTerraformKafkaTopicsExample 2022-08-03T15:21:52Z logger.go:66:                       + limits   = (known after apply)
TestTerraformKafkaTopicsExample 2022-08-03T15:21:52Z logger.go:66:                       + requests = (known after apply)
TestTerraformKafkaTopicsExample 2022-08-03T15:21:52Z logger.go:66:                     }
TestTerraformKafkaTopicsExample 2022-08-03T15:21:52Z logger.go:66:                   + securityContext               = {
TestTerraformKafkaTopicsExample 2022-08-03T15:21:52Z logger.go:66:                       + allowPrivilegeEscalation = (known after apply)
TestTerraformKafkaTopicsExample 2022-08-03T15:21:52Z logger.go:66:                       + capabilities             = {
TestTerraformKafkaTopicsExample 2022-08-03T15:21:52Z logger.go:66:                           + add  = (known after apply)
TestTerraformKafkaTopicsExample 2022-08-03T15:21:52Z logger.go:66:                           + drop = (known after apply)
TestTerraformKafkaTopicsExample 2022-08-03T15:21:52Z logger.go:66:                         }
TestTerraformKafkaTopicsExample 2022-08-03T15:21:52Z logger.go:66:                       + privileged               = (known after apply)
TestTerraformKafkaTopicsExample 2022-08-03T15:21:52Z logger.go:66:                       + procMount                = (known after apply)
TestTerraformKafkaTopicsExample 2022-08-03T15:21:52Z logger.go:66:                       + readOnlyRootFilesystem   = (known after apply)
TestTerraformKafkaTopicsExample 2022-08-03T15:21:52Z logger.go:66:                       + runAsGroup               = (known after apply)
TestTerraformKafkaTopicsExample 2022-08-03T15:21:52Z logger.go:66:                       + runAsNonRoot             = (known after apply)
TestTerraformKafkaTopicsExample 2022-08-03T15:21:52Z logger.go:66:                       + runAsUser                = (known after apply)
TestTerraformKafkaTopicsExample 2022-08-03T15:21:52Z logger.go:66:                       + seLinuxOptions           = {
TestTerraformKafkaTopicsExample 2022-08-03T15:21:52Z logger.go:66:                           + level = (known after apply)
TestTerraformKafkaTopicsExample 2022-08-03T15:21:52Z logger.go:66:                           + role  = (known after apply)
TestTerraformKafkaTopicsExample 2022-08-03T15:21:52Z logger.go:66:                           + type  = (known after apply)
TestTerraformKafkaTopicsExample 2022-08-03T15:21:52Z logger.go:66:                           + user  = (known after apply)
TestTerraformKafkaTopicsExample 2022-08-03T15:21:52Z logger.go:66:                         }
TestTerraformKafkaTopicsExample 2022-08-03T15:21:52Z logger.go:66:                       + seccompProfile           = {
TestTerraformKafkaTopicsExample 2022-08-03T15:21:52Z logger.go:66:                           + localhostProfile = (known after apply)
TestTerraformKafkaTopicsExample 2022-08-03T15:21:52Z logger.go:66:                           + type             = (known after apply)
TestTerraformKafkaTopicsExample 2022-08-03T15:21:52Z logger.go:66:                         }
TestTerraformKafkaTopicsExample 2022-08-03T15:21:52Z logger.go:66:                       + windowsOptions           = {
TestTerraformKafkaTopicsExample 2022-08-03T15:21:52Z logger.go:66:                           + gmsaCredentialSpec     = (known after apply)
TestTerraformKafkaTopicsExample 2022-08-03T15:21:52Z logger.go:66:                           + gmsaCredentialSpecName = (known after apply)
TestTerraformKafkaTopicsExample 2022-08-03T15:21:52Z logger.go:66:                           + hostProcess            = (known after apply)
TestTerraformKafkaTopicsExample 2022-08-03T15:21:52Z logger.go:66:                           + runAsUserName          = (known after apply)
TestTerraformKafkaTopicsExample 2022-08-03T15:21:52Z logger.go:66:                         }
TestTerraformKafkaTopicsExample 2022-08-03T15:21:52Z logger.go:66:                     }
TestTerraformKafkaTopicsExample 2022-08-03T15:21:52Z logger.go:66:                   + serviceAccountName            = (known after apply)
TestTerraformKafkaTopicsExample 2022-08-03T15:21:52Z logger.go:66:                   + terminationGracePeriodSeconds = (known after apply)
TestTerraformKafkaTopicsExample 2022-08-03T15:21:52Z logger.go:66:                   + tolerations                   = (known after apply)
TestTerraformKafkaTopicsExample 2022-08-03T15:21:52Z logger.go:66:                   + topologySpreadConstraints     = (known after apply)
TestTerraformKafkaTopicsExample 2022-08-03T15:21:52Z logger.go:66:                 }
TestTerraformKafkaTopicsExample 2022-08-03T15:21:52Z logger.go:66:               + replicas                      = 1
TestTerraformKafkaTopicsExample 2022-08-03T15:21:52Z logger.go:66:               + storageClass                  = {
TestTerraformKafkaTopicsExample 2022-08-03T15:21:52Z logger.go:66:                   + name = (known after apply)
TestTerraformKafkaTopicsExample 2022-08-03T15:21:52Z logger.go:66:                 }
TestTerraformKafkaTopicsExample 2022-08-03T15:21:52Z logger.go:66:               + telemetry                     = {
TestTerraformKafkaTopicsExample 2022-08-03T15:21:52Z logger.go:66:                   + global = (known after apply)
TestTerraformKafkaTopicsExample 2022-08-03T15:21:52Z logger.go:66:                 }
TestTerraformKafkaTopicsExample 2022-08-03T15:21:52Z logger.go:66:               + tls                           = {
TestTerraformKafkaTopicsExample 2022-08-03T15:21:52Z logger.go:66:                   + autoGeneratedCerts       = (known after apply)
TestTerraformKafkaTopicsExample 2022-08-03T15:21:52Z logger.go:66:                   + directoryPathInContainer = (known after apply)
TestTerraformKafkaTopicsExample 2022-08-03T15:21:52Z logger.go:66:                   + ignoreTrustStoreConfig   = (known after apply)
TestTerraformKafkaTopicsExample 2022-08-03T15:21:52Z logger.go:66:                   + jksPassword              = {
TestTerraformKafkaTopicsExample 2022-08-03T15:21:52Z logger.go:66:                       + secretRef = (known after apply)
TestTerraformKafkaTopicsExample 2022-08-03T15:21:52Z logger.go:66:                     }
TestTerraformKafkaTopicsExample 2022-08-03T15:21:52Z logger.go:66:                   + secretRef                = (known after apply)
TestTerraformKafkaTopicsExample 2022-08-03T15:21:52Z logger.go:66:                 }
TestTerraformKafkaTopicsExample 2022-08-03T15:21:52Z logger.go:66:             }
TestTerraformKafkaTopicsExample 2022-08-03T15:21:52Z logger.go:66:         }
TestTerraformKafkaTopicsExample 2022-08-03T15:21:52Z logger.go:66:
TestTerraformKafkaTopicsExample 2022-08-03T15:21:52Z logger.go:66:       + timeouts {
TestTerraformKafkaTopicsExample 2022-08-03T15:21:52Z logger.go:66:           + create = "1h"
TestTerraformKafkaTopicsExample 2022-08-03T15:21:52Z logger.go:66:           + delete = "10m"
TestTerraformKafkaTopicsExample 2022-08-03T15:21:52Z logger.go:66:           + update = "1h"
TestTerraformKafkaTopicsExample 2022-08-03T15:21:52Z logger.go:66:         }
TestTerraformKafkaTopicsExample 2022-08-03T15:21:52Z logger.go:66:
TestTerraformKafkaTopicsExample 2022-08-03T15:21:52Z logger.go:66:       + wait {
TestTerraformKafkaTopicsExample 2022-08-03T15:21:52Z logger.go:66:           + fields = {
TestTerraformKafkaTopicsExample 2022-08-03T15:21:52Z logger.go:66:               + "status.phase" = "RUNNING"
TestTerraformKafkaTopicsExample 2022-08-03T15:21:52Z logger.go:66:             }
TestTerraformKafkaTopicsExample 2022-08-03T15:21:52Z logger.go:66:         }
TestTerraformKafkaTopicsExample 2022-08-03T15:21:52Z logger.go:66:     }
TestTerraformKafkaTopicsExample 2022-08-03T15:21:52Z logger.go:66:
TestTerraformKafkaTopicsExample 2022-08-03T15:21:52Z logger.go:66:   # module.confluent_platform.module.confluent_platform.kubernetes_manifest.components["kafka"] will be created
TestTerraformKafkaTopicsExample 2022-08-03T15:21:52Z logger.go:66:   + resource "kubernetes_manifest" "components" {
TestTerraformKafkaTopicsExample 2022-08-03T15:21:52Z logger.go:66:       + computed_fields = [
TestTerraformKafkaTopicsExample 2022-08-03T15:21:52Z logger.go:66:           + "metadata.finalizers",
TestTerraformKafkaTopicsExample 2022-08-03T15:21:52Z logger.go:66:         ]
TestTerraformKafkaTopicsExample 2022-08-03T15:21:52Z logger.go:66:       + manifest        = {
TestTerraformKafkaTopicsExample 2022-08-03T15:21:52Z logger.go:66:           + apiVersion = "platform.confluent.io/v1beta1"
TestTerraformKafkaTopicsExample 2022-08-03T15:21:52Z logger.go:66:           + kind       = "Kafka"
TestTerraformKafkaTopicsExample 2022-08-03T15:21:52Z logger.go:66:           + metadata   = {
TestTerraformKafkaTopicsExample 2022-08-03T15:21:52Z logger.go:66:               + name      = "kafka"
TestTerraformKafkaTopicsExample 2022-08-03T15:21:52Z logger.go:66:               + namespace = "confluent"
TestTerraformKafkaTopicsExample 2022-08-03T15:21:52Z logger.go:66:             }
TestTerraformKafkaTopicsExample 2022-08-03T15:21:52Z logger.go:66:           + spec       = {
TestTerraformKafkaTopicsExample 2022-08-03T15:21:52Z logger.go:66:               + dataVolumeCapacity = "10Gi"
TestTerraformKafkaTopicsExample 2022-08-03T15:21:52Z logger.go:66:               + image              = {
TestTerraformKafkaTopicsExample 2022-08-03T15:21:52Z logger.go:66:                   + application = "confluentinc/cp-server:7.2.0"
TestTerraformKafkaTopicsExample 2022-08-03T15:21:52Z logger.go:66:                   + init        = "confluentinc/confluent-init-container:2.4.0"
TestTerraformKafkaTopicsExample 2022-08-03T15:21:52Z logger.go:66:                 }
TestTerraformKafkaTopicsExample 2022-08-03T15:21:52Z logger.go:66:               + metricReporter     = {
TestTerraformKafkaTopicsExample 2022-08-03T15:21:52Z logger.go:66:                   + enabled = true
TestTerraformKafkaTopicsExample 2022-08-03T15:21:52Z logger.go:66:                 }
TestTerraformKafkaTopicsExample 2022-08-03T15:21:52Z logger.go:66:               + replicas           = 3
TestTerraformKafkaTopicsExample 2022-08-03T15:21:52Z logger.go:66:             }
TestTerraformKafkaTopicsExample 2022-08-03T15:21:52Z logger.go:66:         }
TestTerraformKafkaTopicsExample 2022-08-03T15:21:52Z logger.go:66:       + object          = {
TestTerraformKafkaTopicsExample 2022-08-03T15:21:52Z logger.go:66:           + apiVersion = "platform.confluent.io/v1beta1"
TestTerraformKafkaTopicsExample 2022-08-03T15:21:52Z logger.go:66:           + kind       = "Kafka"
TestTerraformKafkaTopicsExample 2022-08-03T15:21:52Z logger.go:66:           + metadata   = {
TestTerraformKafkaTopicsExample 2022-08-03T15:21:52Z logger.go:66:               + annotations                = (known after apply)
TestTerraformKafkaTopicsExample 2022-08-03T15:21:52Z logger.go:66:               + clusterName                = (known after apply)
TestTerraformKafkaTopicsExample 2022-08-03T15:21:52Z logger.go:66:               + creationTimestamp          = (known after apply)
TestTerraformKafkaTopicsExample 2022-08-03T15:21:52Z logger.go:66:               + deletionGracePeriodSeconds = (known after apply)
TestTerraformKafkaTopicsExample 2022-08-03T15:21:52Z logger.go:66:               + deletionTimestamp          = (known after apply)
TestTerraformKafkaTopicsExample 2022-08-03T15:21:52Z logger.go:66:               + finalizers                 = (known after apply)
TestTerraformKafkaTopicsExample 2022-08-03T15:21:52Z logger.go:66:               + generateName               = (known after apply)
TestTerraformKafkaTopicsExample 2022-08-03T15:21:52Z logger.go:66:               + generation                 = (known after apply)
TestTerraformKafkaTopicsExample 2022-08-03T15:21:52Z logger.go:66:               + labels                     = (known after apply)
TestTerraformKafkaTopicsExample 2022-08-03T15:21:52Z logger.go:66:               + managedFields              = (known after apply)
TestTerraformKafkaTopicsExample 2022-08-03T15:21:52Z logger.go:66:               + name                       = "kafka"
TestTerraformKafkaTopicsExample 2022-08-03T15:21:52Z logger.go:66:               + namespace                  = "confluent"
TestTerraformKafkaTopicsExample 2022-08-03T15:21:52Z logger.go:66:               + ownerReferences            = (known after apply)
TestTerraformKafkaTopicsExample 2022-08-03T15:21:52Z logger.go:66:               + resourceVersion            = (known after apply)
TestTerraformKafkaTopicsExample 2022-08-03T15:21:52Z logger.go:66:               + selfLink                   = (known after apply)
TestTerraformKafkaTopicsExample 2022-08-03T15:21:52Z logger.go:66:               + uid                        = (known after apply)
TestTerraformKafkaTopicsExample 2022-08-03T15:21:52Z logger.go:66:             }
TestTerraformKafkaTopicsExample 2022-08-03T15:21:52Z logger.go:66:           + spec       = {
TestTerraformKafkaTopicsExample 2022-08-03T15:21:52Z logger.go:66:               + authorization      = {
TestTerraformKafkaTopicsExample 2022-08-03T15:21:52Z logger.go:66:                   + superUsers = (known after apply)
TestTerraformKafkaTopicsExample 2022-08-03T15:21:52Z logger.go:66:                   + type       = (known after apply)
TestTerraformKafkaTopicsExample 2022-08-03T15:21:52Z logger.go:66:                 }
TestTerraformKafkaTopicsExample 2022-08-03T15:21:52Z logger.go:66:               + configOverrides    = {
TestTerraformKafkaTopicsExample 2022-08-03T15:21:52Z logger.go:66:                   + jvm    = (known after apply)
TestTerraformKafkaTopicsExample 2022-08-03T15:21:52Z logger.go:66:                   + log4j  = (known after apply)
TestTerraformKafkaTopicsExample 2022-08-03T15:21:52Z logger.go:66:                   + server = (known after apply)
TestTerraformKafkaTopicsExample 2022-08-03T15:21:52Z logger.go:66:                 }
TestTerraformKafkaTopicsExample 2022-08-03T15:21:52Z logger.go:66:               + dataVolumeCapacity = "10Gi"
TestTerraformKafkaTopicsExample 2022-08-03T15:21:52Z logger.go:66:               + dependencies       = {
TestTerraformKafkaTopicsExample 2022-08-03T15:21:52Z logger.go:66:                   + kafkaRest      = {
TestTerraformKafkaTopicsExample 2022-08-03T15:21:52Z logger.go:66:                       + authentication    = {
TestTerraformKafkaTopicsExample 2022-08-03T15:21:52Z logger.go:66:                           + bearer                = {
TestTerraformKafkaTopicsExample 2022-08-03T15:21:52Z logger.go:66:                               + directoryPathInContainer = (known after apply)
TestTerraformKafkaTopicsExample 2022-08-03T15:21:52Z logger.go:66:                               + secretRef                = (known after apply)
TestTerraformKafkaTopicsExample 2022-08-03T15:21:52Z logger.go:66:                             }
TestTerraformKafkaTopicsExample 2022-08-03T15:21:52Z logger.go:66:                           + jaasConfig            = {
TestTerraformKafkaTopicsExample 2022-08-03T15:21:52Z logger.go:66:                               + secretRef = (known after apply)
TestTerraformKafkaTopicsExample 2022-08-03T15:21:52Z logger.go:66:                             }
TestTerraformKafkaTopicsExample 2022-08-03T15:21:52Z logger.go:66:                           + jaasConfigPassThrough = {
TestTerraformKafkaTopicsExample 2022-08-03T15:21:52Z logger.go:66:                               + directoryPathInContainer = (known after apply)
TestTerraformKafkaTopicsExample 2022-08-03T15:21:52Z logger.go:66:                               + secretRef                = (known after apply)
TestTerraformKafkaTopicsExample 2022-08-03T15:21:52Z logger.go:66:                             }
TestTerraformKafkaTopicsExample 2022-08-03T15:21:52Z logger.go:66:                           + oauthbearer           = {
TestTerraformKafkaTopicsExample 2022-08-03T15:21:52Z logger.go:66:                               + directoryPathInContainer = (known after apply)
TestTerraformKafkaTopicsExample 2022-08-03T15:21:52Z logger.go:66:                               + secretRef                = (known after apply)
TestTerraformKafkaTopicsExample 2022-08-03T15:21:52Z logger.go:66:                             }
TestTerraformKafkaTopicsExample 2022-08-03T15:21:52Z logger.go:66:                           + type                  = (known after apply)
TestTerraformKafkaTopicsExample 2022-08-03T15:21:52Z logger.go:66:                         }
TestTerraformKafkaTopicsExample 2022-08-03T15:21:52Z logger.go:66:                       + bootstrapEndpoint = (known after apply)
TestTerraformKafkaTopicsExample 2022-08-03T15:21:52Z logger.go:66:                       + endpoint          = (known after apply)
TestTerraformKafkaTopicsExample 2022-08-03T15:21:52Z logger.go:66:                       + tls               = {
TestTerraformKafkaTopicsExample 2022-08-03T15:21:52Z logger.go:66:                           + directoryPathInContainer = (known after apply)
TestTerraformKafkaTopicsExample 2022-08-03T15:21:52Z logger.go:66:                           + enabled                  = (known after apply)
TestTerraformKafkaTopicsExample 2022-08-03T15:21:52Z logger.go:66:                           + ignoreTrustStoreConfig   = (known after apply)
TestTerraformKafkaTopicsExample 2022-08-03T15:21:52Z logger.go:66:                           + jksPassword              = {
TestTerraformKafkaTopicsExample 2022-08-03T15:21:52Z logger.go:66:                               + secretRef = (known after apply)
TestTerraformKafkaTopicsExample 2022-08-03T15:21:52Z logger.go:66:                             }
TestTerraformKafkaTopicsExample 2022-08-03T15:21:52Z logger.go:66:                           + secretRef                = (known after apply)
TestTerraformKafkaTopicsExample 2022-08-03T15:21:52Z logger.go:66:                         }
TestTerraformKafkaTopicsExample 2022-08-03T15:21:52Z logger.go:66:                     }
TestTerraformKafkaTopicsExample 2022-08-03T15:21:52Z logger.go:66:                   + mds            = {
TestTerraformKafkaTopicsExample 2022-08-03T15:21:52Z logger.go:66:                       + endpoint     = (known after apply)
TestTerraformKafkaTopicsExample 2022-08-03T15:21:52Z logger.go:66:                       + kafka        = {
TestTerraformKafkaTopicsExample 2022-08-03T15:21:52Z logger.go:66:                           + authentication    = {
TestTerraformKafkaTopicsExample 2022-08-03T15:21:52Z logger.go:66:                               + jaasConfig            = {
TestTerraformKafkaTopicsExample 2022-08-03T15:21:52Z logger.go:66:                                   + secretRef = (known after apply)
TestTerraformKafkaTopicsExample 2022-08-03T15:21:52Z logger.go:66:                                 }
TestTerraformKafkaTopicsExample 2022-08-03T15:21:52Z logger.go:66:                               + jaasConfigPassThrough = {
TestTerraformKafkaTopicsExample 2022-08-03T15:21:52Z logger.go:66:                                   + directoryPathInContainer = (known after apply)
TestTerraformKafkaTopicsExample 2022-08-03T15:21:52Z logger.go:66:                                   + secretRef                = (known after apply)
TestTerraformKafkaTopicsExample 2022-08-03T15:21:52Z logger.go:66:                                 }
TestTerraformKafkaTopicsExample 2022-08-03T15:21:52Z logger.go:66:                               + oauthbearer           = {
TestTerraformKafkaTopicsExample 2022-08-03T15:21:52Z logger.go:66:                                   + directoryPathInContainer = (known after apply)
TestTerraformKafkaTopicsExample 2022-08-03T15:21:52Z logger.go:66:                                   + secretRef                = (known after apply)
TestTerraformKafkaTopicsExample 2022-08-03T15:21:52Z logger.go:66:                                 }
TestTerraformKafkaTopicsExample 2022-08-03T15:21:52Z logger.go:66:                               + type                  = (known after apply)
TestTerraformKafkaTopicsExample 2022-08-03T15:21:52Z logger.go:66:                             }
TestTerraformKafkaTopicsExample 2022-08-03T15:21:52Z logger.go:66:                           + bootstrapEndpoint = (known after apply)
TestTerraformKafkaTopicsExample 2022-08-03T15:21:52Z logger.go:66:                           + discovery         = {
TestTerraformKafkaTopicsExample 2022-08-03T15:21:52Z logger.go:66:                               + name      = (known after apply)
TestTerraformKafkaTopicsExample 2022-08-03T15:21:52Z logger.go:66:                               + namespace = (known after apply)
TestTerraformKafkaTopicsExample 2022-08-03T15:21:52Z logger.go:66:                               + secretRef = (known after apply)
TestTerraformKafkaTopicsExample 2022-08-03T15:21:52Z logger.go:66:                             }
TestTerraformKafkaTopicsExample 2022-08-03T15:21:52Z logger.go:66:                           + tls               = {
TestTerraformKafkaTopicsExample 2022-08-03T15:21:52Z logger.go:66:                               + directoryPathInContainer = (known after apply)
TestTerraformKafkaTopicsExample 2022-08-03T15:21:52Z logger.go:66:                               + enabled                  = (known after apply)
TestTerraformKafkaTopicsExample 2022-08-03T15:21:52Z logger.go:66:                               + ignoreTrustStoreConfig   = (known after apply)
TestTerraformKafkaTopicsExample 2022-08-03T15:21:52Z logger.go:66:                               + jksPassword              = {
TestTerraformKafkaTopicsExample 2022-08-03T15:21:52Z logger.go:66:                                   + secretRef = (known after apply)
TestTerraformKafkaTopicsExample 2022-08-03T15:21:52Z logger.go:66:                                 }
TestTerraformKafkaTopicsExample 2022-08-03T15:21:52Z logger.go:66:                               + secretRef                = (known after apply)
TestTerraformKafkaTopicsExample 2022-08-03T15:21:52Z logger.go:66:                             }
TestTerraformKafkaTopicsExample 2022-08-03T15:21:52Z logger.go:66:                         }
TestTerraformKafkaTopicsExample 2022-08-03T15:21:52Z logger.go:66:                       + tls          = {
TestTerraformKafkaTopicsExample 2022-08-03T15:21:52Z logger.go:66:                           + directoryPathInContainer = (known after apply)
TestTerraformKafkaTopicsExample 2022-08-03T15:21:52Z logger.go:66:                           + enabled                  = (known after apply)
TestTerraformKafkaTopicsExample 2022-08-03T15:21:52Z logger.go:66:                           + ignoreTrustStoreConfig   = (known after apply)
TestTerraformKafkaTopicsExample 2022-08-03T15:21:52Z logger.go:66:                           + jksPassword              = {
TestTerraformKafkaTopicsExample 2022-08-03T15:21:52Z logger.go:66:                               + secretRef = (known after apply)
TestTerraformKafkaTopicsExample 2022-08-03T15:21:52Z logger.go:66:                             }
TestTerraformKafkaTopicsExample 2022-08-03T15:21:52Z logger.go:66:                           + secretRef                = (known after apply)
TestTerraformKafkaTopicsExample 2022-08-03T15:21:52Z logger.go:66:                         }
TestTerraformKafkaTopicsExample 2022-08-03T15:21:52Z logger.go:66:                       + tokenKeyPair = {
TestTerraformKafkaTopicsExample 2022-08-03T15:21:52Z logger.go:66:                           + directoryPathInContainer = (known after apply)
TestTerraformKafkaTopicsExample 2022-08-03T15:21:52Z logger.go:66:                           + secretRef                = (known after apply)
TestTerraformKafkaTopicsExample 2022-08-03T15:21:52Z logger.go:66:                         }
TestTerraformKafkaTopicsExample 2022-08-03T15:21:52Z logger.go:66:                     }
TestTerraformKafkaTopicsExample 2022-08-03T15:21:52Z logger.go:66:                   + schemaRegistry = {
TestTerraformKafkaTopicsExample 2022-08-03T15:21:52Z logger.go:66:                       + authentication = {
TestTerraformKafkaTopicsExample 2022-08-03T15:21:52Z logger.go:66:                           + basic = {
TestTerraformKafkaTopicsExample 2022-08-03T15:21:52Z logger.go:66:                               + debug                    = (known after apply)
TestTerraformKafkaTopicsExample 2022-08-03T15:21:52Z logger.go:66:                               + directoryPathInContainer = (known after apply)
TestTerraformKafkaTopicsExample 2022-08-03T15:21:52Z logger.go:66:                               + restrictedRoles          = (known after apply)
TestTerraformKafkaTopicsExample 2022-08-03T15:21:52Z logger.go:66:                               + roles                    = (known after apply)
TestTerraformKafkaTopicsExample 2022-08-03T15:21:52Z logger.go:66:                               + secretRef                = (known after apply)
TestTerraformKafkaTopicsExample 2022-08-03T15:21:52Z logger.go:66:                             }
TestTerraformKafkaTopicsExample 2022-08-03T15:21:52Z logger.go:66:                           + type  = (known after apply)
TestTerraformKafkaTopicsExample 2022-08-03T15:21:52Z logger.go:66:                         }
TestTerraformKafkaTopicsExample 2022-08-03T15:21:52Z logger.go:66:                       + tls            = {
TestTerraformKafkaTopicsExample 2022-08-03T15:21:52Z logger.go:66:                           + directoryPathInContainer = (known after apply)
TestTerraformKafkaTopicsExample 2022-08-03T15:21:52Z logger.go:66:                           + enabled                  = (known after apply)
TestTerraformKafkaTopicsExample 2022-08-03T15:21:52Z logger.go:66:                           + ignoreTrustStoreConfig   = (known after apply)
TestTerraformKafkaTopicsExample 2022-08-03T15:21:52Z logger.go:66:                           + jksPassword              = {
TestTerraformKafkaTopicsExample 2022-08-03T15:21:52Z logger.go:66:                               + secretRef = (known after apply)
TestTerraformKafkaTopicsExample 2022-08-03T15:21:52Z logger.go:66:                             }
TestTerraformKafkaTopicsExample 2022-08-03T15:21:52Z logger.go:66:                           + secretRef                = (known after apply)
TestTerraformKafkaTopicsExample 2022-08-03T15:21:52Z logger.go:66:                         }
TestTerraformKafkaTopicsExample 2022-08-03T15:21:52Z logger.go:66:                       + url            = (known after apply)
TestTerraformKafkaTopicsExample 2022-08-03T15:21:52Z logger.go:66:                     }
TestTerraformKafkaTopicsExample 2022-08-03T15:21:52Z logger.go:66:                   + zookeeper      = {
TestTerraformKafkaTopicsExample 2022-08-03T15:21:52Z logger.go:66:                       + authentication = {
TestTerraformKafkaTopicsExample 2022-08-03T15:21:52Z logger.go:66:                           + jaasConfig            = {
TestTerraformKafkaTopicsExample 2022-08-03T15:21:52Z logger.go:66:                               + secretRef = (known after apply)
TestTerraformKafkaTopicsExample 2022-08-03T15:21:52Z logger.go:66:                             }
TestTerraformKafkaTopicsExample 2022-08-03T15:21:52Z logger.go:66:                           + jaasConfigPassThrough = {
TestTerraformKafkaTopicsExample 2022-08-03T15:21:52Z logger.go:66:                               + directoryPathInContainer = (known after apply)
TestTerraformKafkaTopicsExample 2022-08-03T15:21:52Z logger.go:66:                               + secretRef                = (known after apply)
TestTerraformKafkaTopicsExample 2022-08-03T15:21:52Z logger.go:66:                             }
TestTerraformKafkaTopicsExample 2022-08-03T15:21:52Z logger.go:66:                           + oauthbearer           = {
TestTerraformKafkaTopicsExample 2022-08-03T15:21:52Z logger.go:66:                               + directoryPathInContainer = (known after apply)
TestTerraformKafkaTopicsExample 2022-08-03T15:21:52Z logger.go:66:                               + secretRef                = (known after apply)
TestTerraformKafkaTopicsExample 2022-08-03T15:21:52Z logger.go:66:                             }
TestTerraformKafkaTopicsExample 2022-08-03T15:21:52Z logger.go:66:                           + type                  = (known after apply)
TestTerraformKafkaTopicsExample 2022-08-03T15:21:52Z logger.go:66:                         }
TestTerraformKafkaTopicsExample 2022-08-03T15:21:52Z logger.go:66:                       + discovery      = {
TestTerraformKafkaTopicsExample 2022-08-03T15:21:52Z logger.go:66:                           + name      = (known after apply)
TestTerraformKafkaTopicsExample 2022-08-03T15:21:52Z logger.go:66:                           + namespace = (known after apply)
TestTerraformKafkaTopicsExample 2022-08-03T15:21:52Z logger.go:66:                           + secretRef = (known after apply)
TestTerraformKafkaTopicsExample 2022-08-03T15:21:52Z logger.go:66:                         }
TestTerraformKafkaTopicsExample 2022-08-03T15:21:52Z logger.go:66:                       + endpoint       = (known after apply)
TestTerraformKafkaTopicsExample 2022-08-03T15:21:52Z logger.go:66:                       + tls            = {
TestTerraformKafkaTopicsExample 2022-08-03T15:21:52Z logger.go:66:                           + directoryPathInContainer = (known after apply)
TestTerraformKafkaTopicsExample 2022-08-03T15:21:52Z logger.go:66:                           + enabled                  = (known after apply)
TestTerraformKafkaTopicsExample 2022-08-03T15:21:52Z logger.go:66:                           + ignoreTrustStoreConfig   = (known after apply)
TestTerraformKafkaTopicsExample 2022-08-03T15:21:52Z logger.go:66:                           + jksPassword              = {
TestTerraformKafkaTopicsExample 2022-08-03T15:21:52Z logger.go:66:                               + secretRef = (known after apply)
TestTerraformKafkaTopicsExample 2022-08-03T15:21:52Z logger.go:66:                             }
TestTerraformKafkaTopicsExample 2022-08-03T15:21:52Z logger.go:66:                           + secretRef                = (known after apply)
TestTerraformKafkaTopicsExample 2022-08-03T15:21:52Z logger.go:66:                         }
TestTerraformKafkaTopicsExample 2022-08-03T15:21:52Z logger.go:66:                     }
TestTerraformKafkaTopicsExample 2022-08-03T15:21:52Z logger.go:66:                 }
TestTerraformKafkaTopicsExample 2022-08-03T15:21:52Z logger.go:66:               + headlessService    = {
TestTerraformKafkaTopicsExample 2022-08-03T15:21:52Z logger.go:66:                   + annotations              = (known after apply)
TestTerraformKafkaTopicsExample 2022-08-03T15:21:52Z logger.go:66:                   + labels                   = (known after apply)
TestTerraformKafkaTopicsExample 2022-08-03T15:21:52Z logger.go:66:                   + publishNotReadyAddresses = (known after apply)
TestTerraformKafkaTopicsExample 2022-08-03T15:21:52Z logger.go:66:                 }
TestTerraformKafkaTopicsExample 2022-08-03T15:21:52Z logger.go:66:               + identityProvider   = {
TestTerraformKafkaTopicsExample 2022-08-03T15:21:52Z logger.go:66:                   + ldap = {
TestTerraformKafkaTopicsExample 2022-08-03T15:21:52Z logger.go:66:                       + address        = (known after apply)
TestTerraformKafkaTopicsExample 2022-08-03T15:21:52Z logger.go:66:                       + authentication = {
TestTerraformKafkaTopicsExample 2022-08-03T15:21:52Z logger.go:66:                           + simple = {
TestTerraformKafkaTopicsExample 2022-08-03T15:21:52Z logger.go:66:                               + directoryPathInContainer = (known after apply)
TestTerraformKafkaTopicsExample 2022-08-03T15:21:52Z logger.go:66:                               + secretRef                = (known after apply)
TestTerraformKafkaTopicsExample 2022-08-03T15:21:52Z logger.go:66:                             }
TestTerraformKafkaTopicsExample 2022-08-03T15:21:52Z logger.go:66:                           + type   = (known after apply)
TestTerraformKafkaTopicsExample 2022-08-03T15:21:52Z logger.go:66:                         }
TestTerraformKafkaTopicsExample 2022-08-03T15:21:52Z logger.go:66:                       + configurations = {
TestTerraformKafkaTopicsExample 2022-08-03T15:21:52Z logger.go:66:                           + groupMemberAttribute         = (known after apply)
TestTerraformKafkaTopicsExample 2022-08-03T15:21:52Z logger.go:66:                           + groupMemberAttributePattern  = (known after apply)
TestTerraformKafkaTopicsExample 2022-08-03T15:21:52Z logger.go:66:                           + groupNameAttribute           = (known after apply)
TestTerraformKafkaTopicsExample 2022-08-03T15:21:52Z logger.go:66:                           + groupObjectClass             = (known after apply)
TestTerraformKafkaTopicsExample 2022-08-03T15:21:52Z logger.go:66:                           + groupSearchBase              = (known after apply)
TestTerraformKafkaTopicsExample 2022-08-03T15:21:52Z logger.go:66:                           + groupSearchFilter            = (known after apply)
TestTerraformKafkaTopicsExample 2022-08-03T15:21:52Z logger.go:66:                           + groupSearchScope             = (known after apply)
TestTerraformKafkaTopicsExample 2022-08-03T15:21:52Z logger.go:66:                           + userMemberOfAttributePattern = (known after apply)
TestTerraformKafkaTopicsExample 2022-08-03T15:21:52Z logger.go:66:                           + userNameAttribute            = (known after apply)
TestTerraformKafkaTopicsExample 2022-08-03T15:21:52Z logger.go:66:                           + userObjectClass              = (known after apply)
TestTerraformKafkaTopicsExample 2022-08-03T15:21:52Z logger.go:66:                           + userSearchBase               = (known after apply)
TestTerraformKafkaTopicsExample 2022-08-03T15:21:52Z logger.go:66:                           + userSearchFilter             = (known after apply)
TestTerraformKafkaTopicsExample 2022-08-03T15:21:52Z logger.go:66:                           + userSearchScope              = (known after apply)
TestTerraformKafkaTopicsExample 2022-08-03T15:21:52Z logger.go:66:                         }
TestTerraformKafkaTopicsExample 2022-08-03T15:21:52Z logger.go:66:                       + tls            = {
TestTerraformKafkaTopicsExample 2022-08-03T15:21:52Z logger.go:66:                           + directoryPathInContainer = (known after apply)
TestTerraformKafkaTopicsExample 2022-08-03T15:21:52Z logger.go:66:                           + enabled                  = (known after apply)
TestTerraformKafkaTopicsExample 2022-08-03T15:21:52Z logger.go:66:                           + ignoreTrustStoreConfig   = (known after apply)
TestTerraformKafkaTopicsExample 2022-08-03T15:21:52Z logger.go:66:                           + jksPassword              = {
TestTerraformKafkaTopicsExample 2022-08-03T15:21:52Z logger.go:66:                               + secretRef = (known after apply)
TestTerraformKafkaTopicsExample 2022-08-03T15:21:52Z logger.go:66:                             }
TestTerraformKafkaTopicsExample 2022-08-03T15:21:52Z logger.go:66:                           + secretRef                = (known after apply)
TestTerraformKafkaTopicsExample 2022-08-03T15:21:52Z logger.go:66:                         }
TestTerraformKafkaTopicsExample 2022-08-03T15:21:52Z logger.go:66:                     }
TestTerraformKafkaTopicsExample 2022-08-03T15:21:52Z logger.go:66:                   + type = (known after apply)
TestTerraformKafkaTopicsExample 2022-08-03T15:21:52Z logger.go:66:                 }
TestTerraformKafkaTopicsExample 2022-08-03T15:21:52Z logger.go:66:               + image              = {
TestTerraformKafkaTopicsExample 2022-08-03T15:21:52Z logger.go:66:                   + application   = "confluentinc/cp-server:7.2.0"
TestTerraformKafkaTopicsExample 2022-08-03T15:21:52Z logger.go:66:                   + init          = "confluentinc/confluent-init-container:2.4.0"
TestTerraformKafkaTopicsExample 2022-08-03T15:21:52Z logger.go:66:                   + pullPolicy    = (known after apply)
TestTerraformKafkaTopicsExample 2022-08-03T15:21:52Z logger.go:66:                   + pullSecretRef = (known after apply)
TestTerraformKafkaTopicsExample 2022-08-03T15:21:52Z logger.go:66:                 }
TestTerraformKafkaTopicsExample 2022-08-03T15:21:52Z logger.go:66:               + injectAnnotations  = (known after apply)
TestTerraformKafkaTopicsExample 2022-08-03T15:21:52Z logger.go:66:               + injectLabels       = (known after apply)
TestTerraformKafkaTopicsExample 2022-08-03T15:21:52Z logger.go:66:               + k8sClusterDomain   = (known after apply)
TestTerraformKafkaTopicsExample 2022-08-03T15:21:52Z logger.go:66:               + license            = {
TestTerraformKafkaTopicsExample 2022-08-03T15:21:52Z logger.go:66:                   + directoryPathInContainer = (known after apply)
TestTerraformKafkaTopicsExample 2022-08-03T15:21:52Z logger.go:66:                   + globalLicense            = (known after apply)
TestTerraformKafkaTopicsExample 2022-08-03T15:21:52Z logger.go:66:                   + secretRef                = (known after apply)
TestTerraformKafkaTopicsExample 2022-08-03T15:21:52Z logger.go:66:                 }
TestTerraformKafkaTopicsExample 2022-08-03T15:21:52Z logger.go:66:               + listeners          = {
TestTerraformKafkaTopicsExample 2022-08-03T15:21:52Z logger.go:66:                   + custom   = (known after apply)
TestTerraformKafkaTopicsExample 2022-08-03T15:21:52Z logger.go:66:                   + external = {
TestTerraformKafkaTopicsExample 2022-08-03T15:21:52Z logger.go:66:                       + authentication = {
TestTerraformKafkaTopicsExample 2022-08-03T15:21:52Z logger.go:66:                           + jaasConfig            = {
TestTerraformKafkaTopicsExample 2022-08-03T15:21:52Z logger.go:66:                               + secretRef = (known after apply)
TestTerraformKafkaTopicsExample 2022-08-03T15:21:52Z logger.go:66:                             }
TestTerraformKafkaTopicsExample 2022-08-03T15:21:52Z logger.go:66:                           + jaasConfigPassThrough = {
TestTerraformKafkaTopicsExample 2022-08-03T15:21:52Z logger.go:66:                               + directoryPathInContainer = (known after apply)
TestTerraformKafkaTopicsExample 2022-08-03T15:21:52Z logger.go:66:                               + secretRef                = (known after apply)
TestTerraformKafkaTopicsExample 2022-08-03T15:21:52Z logger.go:66:                             }
TestTerraformKafkaTopicsExample 2022-08-03T15:21:52Z logger.go:66:                           + principalMappingRules = (known after apply)
TestTerraformKafkaTopicsExample 2022-08-03T15:21:52Z logger.go:66:                           + type                  = (known after apply)
TestTerraformKafkaTopicsExample 2022-08-03T15:21:52Z logger.go:66:                         }
TestTerraformKafkaTopicsExample 2022-08-03T15:21:52Z logger.go:66:                       + externalAccess = {
TestTerraformKafkaTopicsExample 2022-08-03T15:21:52Z logger.go:66:                           + loadBalancer              = {
TestTerraformKafkaTopicsExample 2022-08-03T15:21:52Z logger.go:66:                               + advertisedPort           = (known after apply)
TestTerraformKafkaTopicsExample 2022-08-03T15:21:52Z logger.go:66:                               + annotations              = (known after apply)
TestTerraformKafkaTopicsExample 2022-08-03T15:21:52Z logger.go:66:                               + bootstrapPrefix          = (known after apply)
TestTerraformKafkaTopicsExample 2022-08-03T15:21:52Z logger.go:66:                               + brokerPrefix             = (known after apply)
TestTerraformKafkaTopicsExample 2022-08-03T15:21:52Z logger.go:66:                               + domain                   = (known after apply)
TestTerraformKafkaTopicsExample 2022-08-03T15:21:52Z logger.go:66:                               + externalTrafficPolicy    = (known after apply)
TestTerraformKafkaTopicsExample 2022-08-03T15:21:52Z logger.go:66:                               + labels                   = (known after apply)
TestTerraformKafkaTopicsExample 2022-08-03T15:21:52Z logger.go:66:                               + loadBalancerSourceRanges = (known after apply)
TestTerraformKafkaTopicsExample 2022-08-03T15:21:52Z logger.go:66:                               + servicePorts             = (known after apply)
TestTerraformKafkaTopicsExample 2022-08-03T15:21:52Z logger.go:66:                               + sessionAffinity          = (known after apply)
TestTerraformKafkaTopicsExample 2022-08-03T15:21:52Z logger.go:66:                               + sessionAffinityConfig    = {
TestTerraformKafkaTopicsExample 2022-08-03T15:21:52Z logger.go:66:                                   + clientIP = {
TestTerraformKafkaTopicsExample 2022-08-03T15:21:52Z logger.go:66:                                       + timeoutSeconds = (known after apply)
TestTerraformKafkaTopicsExample 2022-08-03T15:21:52Z logger.go:66:                                     }
TestTerraformKafkaTopicsExample 2022-08-03T15:21:52Z logger.go:66:                                 }
TestTerraformKafkaTopicsExample 2022-08-03T15:21:52Z logger.go:66:                             }
TestTerraformKafkaTopicsExample 2022-08-03T15:21:52Z logger.go:66:                           + nodePort                  = {
TestTerraformKafkaTopicsExample 2022-08-03T15:21:52Z logger.go:66:                               + advertisedURL         = {
TestTerraformKafkaTopicsExample 2022-08-03T15:21:52Z logger.go:66:                                   + enabled = (known after apply)
TestTerraformKafkaTopicsExample 2022-08-03T15:21:52Z logger.go:66:                                   + prefix  = (known after apply)
TestTerraformKafkaTopicsExample 2022-08-03T15:21:52Z logger.go:66:                                 }
TestTerraformKafkaTopicsExample 2022-08-03T15:21:52Z logger.go:66:                               + annotations           = (known after apply)
TestTerraformKafkaTopicsExample 2022-08-03T15:21:52Z logger.go:66:                               + externalTrafficPolicy = (known after apply)
TestTerraformKafkaTopicsExample 2022-08-03T15:21:52Z logger.go:66:                               + host                  = (known after apply)
TestTerraformKafkaTopicsExample 2022-08-03T15:21:52Z logger.go:66:                               + labels                = (known after apply)
TestTerraformKafkaTopicsExample 2022-08-03T15:21:52Z logger.go:66:                               + nodePortOffset        = (known after apply)
TestTerraformKafkaTopicsExample 2022-08-03T15:21:52Z logger.go:66:                               + servicePorts          = (known after apply)
TestTerraformKafkaTopicsExample 2022-08-03T15:21:52Z logger.go:66:                               + sessionAffinity       = (known after apply)
TestTerraformKafkaTopicsExample 2022-08-03T15:21:52Z logger.go:66:                               + sessionAffinityConfig = {
TestTerraformKafkaTopicsExample 2022-08-03T15:21:52Z logger.go:66:                                   + clientIP = {
TestTerraformKafkaTopicsExample 2022-08-03T15:21:52Z logger.go:66:                                       + timeoutSeconds = (known after apply)
TestTerraformKafkaTopicsExample 2022-08-03T15:21:52Z logger.go:66:                                     }
TestTerraformKafkaTopicsExample 2022-08-03T15:21:52Z logger.go:66:                                 }
TestTerraformKafkaTopicsExample 2022-08-03T15:21:52Z logger.go:66:                             }
TestTerraformKafkaTopicsExample 2022-08-03T15:21:52Z logger.go:66:                           + route                     = {
TestTerraformKafkaTopicsExample 2022-08-03T15:21:52Z logger.go:66:                               + annotations     = (known after apply)
TestTerraformKafkaTopicsExample 2022-08-03T15:21:52Z logger.go:66:                               + bootstrapPrefix = (known after apply)
TestTerraformKafkaTopicsExample 2022-08-03T15:21:52Z logger.go:66:                               + brokerPrefix    = (known after apply)
TestTerraformKafkaTopicsExample 2022-08-03T15:21:52Z logger.go:66:                               + domain          = (known after apply)
TestTerraformKafkaTopicsExample 2022-08-03T15:21:52Z logger.go:66:                               + labels          = (known after apply)
TestTerraformKafkaTopicsExample 2022-08-03T15:21:52Z logger.go:66:                               + wildcardPolicy  = (known after apply)
TestTerraformKafkaTopicsExample 2022-08-03T15:21:52Z logger.go:66:                             }
TestTerraformKafkaTopicsExample 2022-08-03T15:21:52Z logger.go:66:                           + staticForHostBasedRouting = {
TestTerraformKafkaTopicsExample 2022-08-03T15:21:52Z logger.go:66:                               + brokerPrefix = (known after apply)
TestTerraformKafkaTopicsExample 2022-08-03T15:21:52Z logger.go:66:                               + domain       = (known after apply)
TestTerraformKafkaTopicsExample 2022-08-03T15:21:52Z logger.go:66:                               + port         = (known after apply)
TestTerraformKafkaTopicsExample 2022-08-03T15:21:52Z logger.go:66:                             }
TestTerraformKafkaTopicsExample 2022-08-03T15:21:52Z logger.go:66:                           + staticForPortBasedRouting = {
TestTerraformKafkaTopicsExample 2022-08-03T15:21:52Z logger.go:66:                               + host       = (known after apply)
TestTerraformKafkaTopicsExample 2022-08-03T15:21:52Z logger.go:66:                               + portOffset = (known after apply)
TestTerraformKafkaTopicsExample 2022-08-03T15:21:52Z logger.go:66:                             }
TestTerraformKafkaTopicsExample 2022-08-03T15:21:52Z logger.go:66:                           + type                      = (known after apply)
TestTerraformKafkaTopicsExample 2022-08-03T15:21:52Z logger.go:66:                         }
TestTerraformKafkaTopicsExample 2022-08-03T15:21:52Z logger.go:66:                       + tls            = {
TestTerraformKafkaTopicsExample 2022-08-03T15:21:52Z logger.go:66:                           + directoryPathInContainer = (known after apply)
TestTerraformKafkaTopicsExample 2022-08-03T15:21:52Z logger.go:66:                           + enabled                  = (known after apply)
TestTerraformKafkaTopicsExample 2022-08-03T15:21:52Z logger.go:66:                           + ignoreTrustStoreConfig   = (known after apply)
TestTerraformKafkaTopicsExample 2022-08-03T15:21:52Z logger.go:66:                           + jksPassword              = {
TestTerraformKafkaTopicsExample 2022-08-03T15:21:52Z logger.go:66:                               + secretRef = (known after apply)
TestTerraformKafkaTopicsExample 2022-08-03T15:21:52Z logger.go:66:                             }
TestTerraformKafkaTopicsExample 2022-08-03T15:21:52Z logger.go:66:                           + secretRef                = (known after apply)
TestTerraformKafkaTopicsExample 2022-08-03T15:21:52Z logger.go:66:                         }
TestTerraformKafkaTopicsExample 2022-08-03T15:21:52Z logger.go:66:                     }
TestTerraformKafkaTopicsExample 2022-08-03T15:21:52Z logger.go:66:                   + internal = {
TestTerraformKafkaTopicsExample 2022-08-03T15:21:52Z logger.go:66:                       + authentication = {
TestTerraformKafkaTopicsExample 2022-08-03T15:21:52Z logger.go:66:                           + jaasConfig            = {
TestTerraformKafkaTopicsExample 2022-08-03T15:21:52Z logger.go:66:                               + secretRef = (known after apply)
TestTerraformKafkaTopicsExample 2022-08-03T15:21:52Z logger.go:66:                             }
TestTerraformKafkaTopicsExample 2022-08-03T15:21:52Z logger.go:66:                           + jaasConfigPassThrough = {
TestTerraformKafkaTopicsExample 2022-08-03T15:21:52Z logger.go:66:                               + directoryPathInContainer = (known after apply)
TestTerraformKafkaTopicsExample 2022-08-03T15:21:52Z logger.go:66:                               + secretRef                = (known after apply)
TestTerraformKafkaTopicsExample 2022-08-03T15:21:52Z logger.go:66:                             }
TestTerraformKafkaTopicsExample 2022-08-03T15:21:52Z logger.go:66:                           + principalMappingRules = (known after apply)
TestTerraformKafkaTopicsExample 2022-08-03T15:21:52Z logger.go:66:                           + type                  = (known after apply)
TestTerraformKafkaTopicsExample 2022-08-03T15:21:52Z logger.go:66:                         }
TestTerraformKafkaTopicsExample 2022-08-03T15:21:52Z logger.go:66:                       + tls            = {
TestTerraformKafkaTopicsExample 2022-08-03T15:21:52Z logger.go:66:                           + directoryPathInContainer = (known after apply)
TestTerraformKafkaTopicsExample 2022-08-03T15:21:52Z logger.go:66:                           + enabled                  = (known after apply)
TestTerraformKafkaTopicsExample 2022-08-03T15:21:52Z logger.go:66:                           + ignoreTrustStoreConfig   = (known after apply)
TestTerraformKafkaTopicsExample 2022-08-03T15:21:52Z logger.go:66:                           + jksPassword              = {
TestTerraformKafkaTopicsExample 2022-08-03T15:21:52Z logger.go:66:                               + secretRef = (known after apply)
TestTerraformKafkaTopicsExample 2022-08-03T15:21:52Z logger.go:66:                             }
TestTerraformKafkaTopicsExample 2022-08-03T15:21:52Z logger.go:66:                           + secretRef                = (known after apply)
TestTerraformKafkaTopicsExample 2022-08-03T15:21:52Z logger.go:66:                         }
TestTerraformKafkaTopicsExample 2022-08-03T15:21:52Z logger.go:66:                     }
TestTerraformKafkaTopicsExample 2022-08-03T15:21:52Z logger.go:66:                 }
TestTerraformKafkaTopicsExample 2022-08-03T15:21:52Z logger.go:66:               + metricReporter     = {
TestTerraformKafkaTopicsExample 2022-08-03T15:21:52Z logger.go:66:                   + authentication    = {
TestTerraformKafkaTopicsExample 2022-08-03T15:21:52Z logger.go:66:                       + jaasConfig            = {
TestTerraformKafkaTopicsExample 2022-08-03T15:21:52Z logger.go:66:                           + secretRef = (known after apply)
TestTerraformKafkaTopicsExample 2022-08-03T15:21:52Z logger.go:66:                         }
TestTerraformKafkaTopicsExample 2022-08-03T15:21:52Z logger.go:66:                       + jaasConfigPassThrough = {
TestTerraformKafkaTopicsExample 2022-08-03T15:21:52Z logger.go:66:                           + directoryPathInContainer = (known after apply)
TestTerraformKafkaTopicsExample 2022-08-03T15:21:52Z logger.go:66:                           + secretRef                = (known after apply)
TestTerraformKafkaTopicsExample 2022-08-03T15:21:52Z logger.go:66:                         }
TestTerraformKafkaTopicsExample 2022-08-03T15:21:52Z logger.go:66:                       + oauthbearer           = {
TestTerraformKafkaTopicsExample 2022-08-03T15:21:52Z logger.go:66:                           + directoryPathInContainer = (known after apply)
TestTerraformKafkaTopicsExample 2022-08-03T15:21:52Z logger.go:66:                           + secretRef                = (known after apply)
TestTerraformKafkaTopicsExample 2022-08-03T15:21:52Z logger.go:66:                         }
TestTerraformKafkaTopicsExample 2022-08-03T15:21:52Z logger.go:66:                       + type                  = (known after apply)
TestTerraformKafkaTopicsExample 2022-08-03T15:21:52Z logger.go:66:                     }
TestTerraformKafkaTopicsExample 2022-08-03T15:21:52Z logger.go:66:                   + bootstrapEndpoint = (known after apply)
TestTerraformKafkaTopicsExample 2022-08-03T15:21:52Z logger.go:66:                   + enabled           = true
TestTerraformKafkaTopicsExample 2022-08-03T15:21:52Z logger.go:66:                   + replicationFactor = (known after apply)
TestTerraformKafkaTopicsExample 2022-08-03T15:21:52Z logger.go:66:                   + tls               = {
TestTerraformKafkaTopicsExample 2022-08-03T15:21:52Z logger.go:66:                       + directoryPathInContainer = (known after apply)
TestTerraformKafkaTopicsExample 2022-08-03T15:21:52Z logger.go:66:                       + enabled                  = (known after apply)
TestTerraformKafkaTopicsExample 2022-08-03T15:21:52Z logger.go:66:                       + ignoreTrustStoreConfig   = (known after apply)
TestTerraformKafkaTopicsExample 2022-08-03T15:21:52Z logger.go:66:                       + jksPassword              = {
TestTerraformKafkaTopicsExample 2022-08-03T15:21:52Z logger.go:66:                           + secretRef = (known after apply)
TestTerraformKafkaTopicsExample 2022-08-03T15:21:52Z logger.go:66:                         }
TestTerraformKafkaTopicsExample 2022-08-03T15:21:52Z logger.go:66:                       + secretRef                = (known after apply)
TestTerraformKafkaTopicsExample 2022-08-03T15:21:52Z logger.go:66:                     }
TestTerraformKafkaTopicsExample 2022-08-03T15:21:52Z logger.go:66:                 }
TestTerraformKafkaTopicsExample 2022-08-03T15:21:52Z logger.go:66:               + metrics            = {
TestTerraformKafkaTopicsExample 2022-08-03T15:21:52Z logger.go:66:                   + authentication = {
TestTerraformKafkaTopicsExample 2022-08-03T15:21:52Z logger.go:66:                       + type = (known after apply)
TestTerraformKafkaTopicsExample 2022-08-03T15:21:52Z logger.go:66:                     }
TestTerraformKafkaTopicsExample 2022-08-03T15:21:52Z logger.go:66:                   + prometheus     = {
TestTerraformKafkaTopicsExample 2022-08-03T15:21:52Z logger.go:66:                       + blacklist = (known after apply)
TestTerraformKafkaTopicsExample 2022-08-03T15:21:52Z logger.go:66:                       + rules     = (known after apply)
TestTerraformKafkaTopicsExample 2022-08-03T15:21:52Z logger.go:66:                       + whitelist = (known after apply)
TestTerraformKafkaTopicsExample 2022-08-03T15:21:52Z logger.go:66:                     }
TestTerraformKafkaTopicsExample 2022-08-03T15:21:52Z logger.go:66:                   + tls            = {
TestTerraformKafkaTopicsExample 2022-08-03T15:21:52Z logger.go:66:                       + directoryPathInContainer = (known after apply)
TestTerraformKafkaTopicsExample 2022-08-03T15:21:52Z logger.go:66:                       + enabled                  = (known after apply)
TestTerraformKafkaTopicsExample 2022-08-03T15:21:52Z logger.go:66:                       + ignoreTrustStoreConfig   = (known after apply)
TestTerraformKafkaTopicsExample 2022-08-03T15:21:52Z logger.go:66:                       + jksPassword              = {
TestTerraformKafkaTopicsExample 2022-08-03T15:21:52Z logger.go:66:                           + secretRef = (known after apply)
TestTerraformKafkaTopicsExample 2022-08-03T15:21:52Z logger.go:66:                         }
TestTerraformKafkaTopicsExample 2022-08-03T15:21:52Z logger.go:66:                       + secretRef                = (known after apply)
TestTerraformKafkaTopicsExample 2022-08-03T15:21:52Z logger.go:66:                     }
TestTerraformKafkaTopicsExample 2022-08-03T15:21:52Z logger.go:66:                 }
TestTerraformKafkaTopicsExample 2022-08-03T15:21:52Z logger.go:66:               + mountedSecrets     = (known after apply)
TestTerraformKafkaTopicsExample 2022-08-03T15:21:52Z logger.go:66:               + mountedVolumes     = {
TestTerraformKafkaTopicsExample 2022-08-03T15:21:52Z logger.go:66:                   + volumeMounts = (known after apply)
TestTerraformKafkaTopicsExample 2022-08-03T15:21:52Z logger.go:66:                   + volumes      = (known after apply)
TestTerraformKafkaTopicsExample 2022-08-03T15:21:52Z logger.go:66:                 }
TestTerraformKafkaTopicsExample 2022-08-03T15:21:52Z logger.go:66:               + oneReplicaPerNode  = (known after apply)
TestTerraformKafkaTopicsExample 2022-08-03T15:21:52Z logger.go:66:               + passwordEncoder    = {
TestTerraformKafkaTopicsExample 2022-08-03T15:21:52Z logger.go:66:                   + directoryPathInContainer = (known after apply)
TestTerraformKafkaTopicsExample 2022-08-03T15:21:52Z logger.go:66:                   + secretRef                = (known after apply)
TestTerraformKafkaTopicsExample 2022-08-03T15:21:52Z logger.go:66:                 }
TestTerraformKafkaTopicsExample 2022-08-03T15:21:52Z logger.go:66:               + podTemplate        = {
TestTerraformKafkaTopicsExample 2022-08-03T15:21:52Z logger.go:66:                   + affinity                      = {
TestTerraformKafkaTopicsExample 2022-08-03T15:21:52Z logger.go:66:                       + nodeAffinity    = {
TestTerraformKafkaTopicsExample 2022-08-03T15:21:52Z logger.go:66:                           + preferredDuringSchedulingIgnoredDuringExecution = (known after apply)
TestTerraformKafkaTopicsExample 2022-08-03T15:21:52Z logger.go:66:                           + requiredDuringSchedulingIgnoredDuringExecution  = {
TestTerraformKafkaTopicsExample 2022-08-03T15:21:52Z logger.go:66:                               + nodeSelectorTerms = (known after apply)
TestTerraformKafkaTopicsExample 2022-08-03T15:21:52Z logger.go:66:                             }
TestTerraformKafkaTopicsExample 2022-08-03T15:21:52Z logger.go:66:                         }
TestTerraformKafkaTopicsExample 2022-08-03T15:21:52Z logger.go:66:                       + podAffinity     = {
TestTerraformKafkaTopicsExample 2022-08-03T15:21:52Z logger.go:66:                           + preferredDuringSchedulingIgnoredDuringExecution = (known after apply)
TestTerraformKafkaTopicsExample 2022-08-03T15:21:52Z logger.go:66:                           + requiredDuringSchedulingIgnoredDuringExecution  = (known after apply)
TestTerraformKafkaTopicsExample 2022-08-03T15:21:52Z logger.go:66:                         }
TestTerraformKafkaTopicsExample 2022-08-03T15:21:52Z logger.go:66:                       + podAntiAffinity = {
TestTerraformKafkaTopicsExample 2022-08-03T15:21:52Z logger.go:66:                           + preferredDuringSchedulingIgnoredDuringExecution = (known after apply)
TestTerraformKafkaTopicsExample 2022-08-03T15:21:52Z logger.go:66:                           + requiredDuringSchedulingIgnoredDuringExecution  = (known after apply)
TestTerraformKafkaTopicsExample 2022-08-03T15:21:52Z logger.go:66:                         }
TestTerraformKafkaTopicsExample 2022-08-03T15:21:52Z logger.go:66:                     }
TestTerraformKafkaTopicsExample 2022-08-03T15:21:52Z logger.go:66:                   + annotations                   = (known after apply)
TestTerraformKafkaTopicsExample 2022-08-03T15:21:52Z logger.go:66:                   + envVars                       = (known after apply)
TestTerraformKafkaTopicsExample 2022-08-03T15:21:52Z logger.go:66:                   + labels                        = (known after apply)
TestTerraformKafkaTopicsExample 2022-08-03T15:21:52Z logger.go:66:                   + podSecurityContext            = {
TestTerraformKafkaTopicsExample 2022-08-03T15:21:52Z logger.go:66:                       + fsGroup             = (known after apply)
TestTerraformKafkaTopicsExample 2022-08-03T15:21:52Z logger.go:66:                       + fsGroupChangePolicy = (known after apply)
TestTerraformKafkaTopicsExample 2022-08-03T15:21:52Z logger.go:66:                       + runAsGroup          = (known after apply)
TestTerraformKafkaTopicsExample 2022-08-03T15:21:52Z logger.go:66:                       + runAsNonRoot        = (known after apply)
TestTerraformKafkaTopicsExample 2022-08-03T15:21:52Z logger.go:66:                       + runAsUser           = (known after apply)
TestTerraformKafkaTopicsExample 2022-08-03T15:21:52Z logger.go:66:                       + seLinuxOptions      = {
TestTerraformKafkaTopicsExample 2022-08-03T15:21:52Z logger.go:66:                           + level = (known after apply)
TestTerraformKafkaTopicsExample 2022-08-03T15:21:52Z logger.go:66:                           + role  = (known after apply)
TestTerraformKafkaTopicsExample 2022-08-03T15:21:52Z logger.go:66:                           + type  = (known after apply)
TestTerraformKafkaTopicsExample 2022-08-03T15:21:52Z logger.go:66:                           + user  = (known after apply)
TestTerraformKafkaTopicsExample 2022-08-03T15:21:52Z logger.go:66:                         }
TestTerraformKafkaTopicsExample 2022-08-03T15:21:52Z logger.go:66:                       + seccompProfile      = {
TestTerraformKafkaTopicsExample 2022-08-03T15:21:52Z logger.go:66:                           + localhostProfile = (known after apply)
TestTerraformKafkaTopicsExample 2022-08-03T15:21:52Z logger.go:66:                           + type             = (known after apply)
TestTerraformKafkaTopicsExample 2022-08-03T15:21:52Z logger.go:66:                         }
TestTerraformKafkaTopicsExample 2022-08-03T15:21:52Z logger.go:66:                       + supplementalGroups  = (known after apply)
TestTerraformKafkaTopicsExample 2022-08-03T15:21:52Z logger.go:66:                       + sysctls             = (known after apply)
TestTerraformKafkaTopicsExample 2022-08-03T15:21:52Z logger.go:66:                       + windowsOptions      = {
TestTerraformKafkaTopicsExample 2022-08-03T15:21:52Z logger.go:66:                           + gmsaCredentialSpec     = (known after apply)
TestTerraformKafkaTopicsExample 2022-08-03T15:21:52Z logger.go:66:                           + gmsaCredentialSpecName = (known after apply)
TestTerraformKafkaTopicsExample 2022-08-03T15:21:52Z logger.go:66:                           + hostProcess            = (known after apply)
TestTerraformKafkaTopicsExample 2022-08-03T15:21:52Z logger.go:66:                           + runAsUserName          = (known after apply)
TestTerraformKafkaTopicsExample 2022-08-03T15:21:52Z logger.go:66:                         }
TestTerraformKafkaTopicsExample 2022-08-03T15:21:52Z logger.go:66:                     }
TestTerraformKafkaTopicsExample 2022-08-03T15:21:52Z logger.go:66:                   + priorityClassName             = (known after apply)
TestTerraformKafkaTopicsExample 2022-08-03T15:21:52Z logger.go:66:                   + probe                         = {
TestTerraformKafkaTopicsExample 2022-08-03T15:21:52Z logger.go:66:                       + liveness  = {
TestTerraformKafkaTopicsExample 2022-08-03T15:21:52Z logger.go:66:                           + failureThreshold    = (known after apply)
TestTerraformKafkaTopicsExample 2022-08-03T15:21:52Z logger.go:66:                           + initialDelaySeconds = (known after apply)
TestTerraformKafkaTopicsExample 2022-08-03T15:21:52Z logger.go:66:                           + periodSeconds       = (known after apply)
TestTerraformKafkaTopicsExample 2022-08-03T15:21:52Z logger.go:66:                           + successThreshold    = (known after apply)
TestTerraformKafkaTopicsExample 2022-08-03T15:21:52Z logger.go:66:                           + timeoutSeconds      = (known after apply)
TestTerraformKafkaTopicsExample 2022-08-03T15:21:52Z logger.go:66:                         }
TestTerraformKafkaTopicsExample 2022-08-03T15:21:52Z logger.go:66:                       + readiness = {
TestTerraformKafkaTopicsExample 2022-08-03T15:21:52Z logger.go:66:                           + failureThreshold    = (known after apply)
TestTerraformKafkaTopicsExample 2022-08-03T15:21:52Z logger.go:66:                           + initialDelaySeconds = (known after apply)
TestTerraformKafkaTopicsExample 2022-08-03T15:21:52Z logger.go:66:                           + periodSeconds       = (known after apply)
TestTerraformKafkaTopicsExample 2022-08-03T15:21:52Z logger.go:66:                           + successThreshold    = (known after apply)
TestTerraformKafkaTopicsExample 2022-08-03T15:21:52Z logger.go:66:                           + timeoutSeconds      = (known after apply)
TestTerraformKafkaTopicsExample 2022-08-03T15:21:52Z logger.go:66:                         }
TestTerraformKafkaTopicsExample 2022-08-03T15:21:52Z logger.go:66:                     }
TestTerraformKafkaTopicsExample 2022-08-03T15:21:52Z logger.go:66:                   + resources                     = {
TestTerraformKafkaTopicsExample 2022-08-03T15:21:52Z logger.go:66:                       + limits   = (known after apply)
TestTerraformKafkaTopicsExample 2022-08-03T15:21:52Z logger.go:66:                       + requests = (known after apply)
TestTerraformKafkaTopicsExample 2022-08-03T15:21:52Z logger.go:66:                     }
TestTerraformKafkaTopicsExample 2022-08-03T15:21:52Z logger.go:66:                   + securityContext               = {
TestTerraformKafkaTopicsExample 2022-08-03T15:21:52Z logger.go:66:                       + allowPrivilegeEscalation = (known after apply)
TestTerraformKafkaTopicsExample 2022-08-03T15:21:52Z logger.go:66:                       + capabilities             = {
TestTerraformKafkaTopicsExample 2022-08-03T15:21:52Z logger.go:66:                           + add  = (known after apply)
TestTerraformKafkaTopicsExample 2022-08-03T15:21:52Z logger.go:66:                           + drop = (known after apply)
TestTerraformKafkaTopicsExample 2022-08-03T15:21:52Z logger.go:66:                         }
TestTerraformKafkaTopicsExample 2022-08-03T15:21:52Z logger.go:66:                       + privileged               = (known after apply)
TestTerraformKafkaTopicsExample 2022-08-03T15:21:52Z logger.go:66:                       + procMount                = (known after apply)
TestTerraformKafkaTopicsExample 2022-08-03T15:21:52Z logger.go:66:                       + readOnlyRootFilesystem   = (known after apply)
TestTerraformKafkaTopicsExample 2022-08-03T15:21:52Z logger.go:66:                       + runAsGroup               = (known after apply)
TestTerraformKafkaTopicsExample 2022-08-03T15:21:52Z logger.go:66:                       + runAsNonRoot             = (known after apply)
TestTerraformKafkaTopicsExample 2022-08-03T15:21:52Z logger.go:66:                       + runAsUser                = (known after apply)
TestTerraformKafkaTopicsExample 2022-08-03T15:21:52Z logger.go:66:                       + seLinuxOptions           = {
TestTerraformKafkaTopicsExample 2022-08-03T15:21:52Z logger.go:66:                           + level = (known after apply)
TestTerraformKafkaTopicsExample 2022-08-03T15:21:52Z logger.go:66:                           + role  = (known after apply)
TestTerraformKafkaTopicsExample 2022-08-03T15:21:52Z logger.go:66:                           + type  = (known after apply)
TestTerraformKafkaTopicsExample 2022-08-03T15:21:52Z logger.go:66:                           + user  = (known after apply)
TestTerraformKafkaTopicsExample 2022-08-03T15:21:52Z logger.go:66:                         }
TestTerraformKafkaTopicsExample 2022-08-03T15:21:52Z logger.go:66:                       + seccompProfile           = {
TestTerraformKafkaTopicsExample 2022-08-03T15:21:52Z logger.go:66:                           + localhostProfile = (known after apply)
TestTerraformKafkaTopicsExample 2022-08-03T15:21:52Z logger.go:66:                           + type             = (known after apply)
TestTerraformKafkaTopicsExample 2022-08-03T15:21:52Z logger.go:66:                         }
TestTerraformKafkaTopicsExample 2022-08-03T15:21:52Z logger.go:66:                       + windowsOptions           = {
TestTerraformKafkaTopicsExample 2022-08-03T15:21:52Z logger.go:66:                           + gmsaCredentialSpec     = (known after apply)
TestTerraformKafkaTopicsExample 2022-08-03T15:21:52Z logger.go:66:                           + gmsaCredentialSpecName = (known after apply)
TestTerraformKafkaTopicsExample 2022-08-03T15:21:52Z logger.go:66:                           + hostProcess            = (known after apply)
TestTerraformKafkaTopicsExample 2022-08-03T15:21:52Z logger.go:66:                           + runAsUserName          = (known after apply)
TestTerraformKafkaTopicsExample 2022-08-03T15:21:52Z logger.go:66:                         }
TestTerraformKafkaTopicsExample 2022-08-03T15:21:52Z logger.go:66:                     }
TestTerraformKafkaTopicsExample 2022-08-03T15:21:52Z logger.go:66:                   + serviceAccountName            = (known after apply)
TestTerraformKafkaTopicsExample 2022-08-03T15:21:52Z logger.go:66:                   + terminationGracePeriodSeconds = (known after apply)
TestTerraformKafkaTopicsExample 2022-08-03T15:21:52Z logger.go:66:                   + tolerations                   = (known after apply)
TestTerraformKafkaTopicsExample 2022-08-03T15:21:52Z logger.go:66:                   + topologySpreadConstraints     = (known after apply)
TestTerraformKafkaTopicsExample 2022-08-03T15:21:52Z logger.go:66:                 }
TestTerraformKafkaTopicsExample 2022-08-03T15:21:52Z logger.go:66:               + rackAssignment     = {
TestTerraformKafkaTopicsExample 2022-08-03T15:21:52Z logger.go:66:                   + availabilityZoneCount = (known after apply)
TestTerraformKafkaTopicsExample 2022-08-03T15:21:52Z logger.go:66:                   + nodeLabels            = (known after apply)
TestTerraformKafkaTopicsExample 2022-08-03T15:21:52Z logger.go:66:                 }
TestTerraformKafkaTopicsExample 2022-08-03T15:21:52Z logger.go:66:               + replicas           = 3
TestTerraformKafkaTopicsExample 2022-08-03T15:21:52Z logger.go:66:               + services           = {
TestTerraformKafkaTopicsExample 2022-08-03T15:21:52Z logger.go:66:                   + kafkaRest = {
TestTerraformKafkaTopicsExample 2022-08-03T15:21:52Z logger.go:66:                       + authentication = {
TestTerraformKafkaTopicsExample 2022-08-03T15:21:52Z logger.go:66:                           + basic = {
TestTerraformKafkaTopicsExample 2022-08-03T15:21:52Z logger.go:66:                               + debug                    = (known after apply)
TestTerraformKafkaTopicsExample 2022-08-03T15:21:52Z logger.go:66:                               + directoryPathInContainer = (known after apply)
TestTerraformKafkaTopicsExample 2022-08-03T15:21:52Z logger.go:66:                               + restrictedRoles          = (known after apply)
TestTerraformKafkaTopicsExample 2022-08-03T15:21:52Z logger.go:66:                               + roles                    = (known after apply)
TestTerraformKafkaTopicsExample 2022-08-03T15:21:52Z logger.go:66:                               + secretRef                = (known after apply)
TestTerraformKafkaTopicsExample 2022-08-03T15:21:52Z logger.go:66:                             }
TestTerraformKafkaTopicsExample 2022-08-03T15:21:52Z logger.go:66:                           + type  = (known after apply)
TestTerraformKafkaTopicsExample 2022-08-03T15:21:52Z logger.go:66:                         }
TestTerraformKafkaTopicsExample 2022-08-03T15:21:52Z logger.go:66:                       + externalAccess = {
TestTerraformKafkaTopicsExample 2022-08-03T15:21:52Z logger.go:66:                           + loadBalancer = {
TestTerraformKafkaTopicsExample 2022-08-03T15:21:52Z logger.go:66:                               + advertisedURL            = {
TestTerraformKafkaTopicsExample 2022-08-03T15:21:52Z logger.go:66:                                   + enabled = (known after apply)
TestTerraformKafkaTopicsExample 2022-08-03T15:21:52Z logger.go:66:                                   + prefix  = (known after apply)
TestTerraformKafkaTopicsExample 2022-08-03T15:21:52Z logger.go:66:                                 }
TestTerraformKafkaTopicsExample 2022-08-03T15:21:52Z logger.go:66:                               + annotations              = (known after apply)
TestTerraformKafkaTopicsExample 2022-08-03T15:21:52Z logger.go:66:                               + domain                   = (known after apply)
TestTerraformKafkaTopicsExample 2022-08-03T15:21:52Z logger.go:66:                               + externalTrafficPolicy    = (known after apply)
TestTerraformKafkaTopicsExample 2022-08-03T15:21:52Z logger.go:66:                               + labels                   = (known after apply)
TestTerraformKafkaTopicsExample 2022-08-03T15:21:52Z logger.go:66:                               + loadBalancerSourceRanges = (known after apply)
TestTerraformKafkaTopicsExample 2022-08-03T15:21:52Z logger.go:66:                               + port                     = (known after apply)
TestTerraformKafkaTopicsExample 2022-08-03T15:21:52Z logger.go:66:                               + prefix                   = (known after apply)
TestTerraformKafkaTopicsExample 2022-08-03T15:21:52Z logger.go:66:                               + servicePorts             = (known after apply)
TestTerraformKafkaTopicsExample 2022-08-03T15:21:52Z logger.go:66:                               + sessionAffinity          = (known after apply)
TestTerraformKafkaTopicsExample 2022-08-03T15:21:52Z logger.go:66:                               + sessionAffinityConfig    = {
TestTerraformKafkaTopicsExample 2022-08-03T15:21:52Z logger.go:66:                                   + clientIP = {
TestTerraformKafkaTopicsExample 2022-08-03T15:21:52Z logger.go:66:                                       + timeoutSeconds = (known after apply)
TestTerraformKafkaTopicsExample 2022-08-03T15:21:52Z logger.go:66:                                     }
TestTerraformKafkaTopicsExample 2022-08-03T15:21:52Z logger.go:66:                                 }
TestTerraformKafkaTopicsExample 2022-08-03T15:21:52Z logger.go:66:                             }
TestTerraformKafkaTopicsExample 2022-08-03T15:21:52Z logger.go:66:                           + nodePort     = {
TestTerraformKafkaTopicsExample 2022-08-03T15:21:52Z logger.go:66:                               + advertisedURL         = {
TestTerraformKafkaTopicsExample 2022-08-03T15:21:52Z logger.go:66:                                   + enabled = (known after apply)
TestTerraformKafkaTopicsExample 2022-08-03T15:21:52Z logger.go:66:                                   + prefix  = (known after apply)
TestTerraformKafkaTopicsExample 2022-08-03T15:21:52Z logger.go:66:                                 }
TestTerraformKafkaTopicsExample 2022-08-03T15:21:52Z logger.go:66:                               + annotations           = (known after apply)
TestTerraformKafkaTopicsExample 2022-08-03T15:21:52Z logger.go:66:                               + externalTrafficPolicy = (known after apply)
TestTerraformKafkaTopicsExample 2022-08-03T15:21:52Z logger.go:66:                               + host                  = (known after apply)
TestTerraformKafkaTopicsExample 2022-08-03T15:21:52Z logger.go:66:                               + labels                = (known after apply)
TestTerraformKafkaTopicsExample 2022-08-03T15:21:52Z logger.go:66:                               + nodePortOffset        = (known after apply)
TestTerraformKafkaTopicsExample 2022-08-03T15:21:52Z logger.go:66:                               + servicePorts          = (known after apply)
TestTerraformKafkaTopicsExample 2022-08-03T15:21:52Z logger.go:66:                               + sessionAffinity       = (known after apply)
TestTerraformKafkaTopicsExample 2022-08-03T15:21:52Z logger.go:66:                               + sessionAffinityConfig = {
TestTerraformKafkaTopicsExample 2022-08-03T15:21:52Z logger.go:66:                                   + clientIP = {
TestTerraformKafkaTopicsExample 2022-08-03T15:21:52Z logger.go:66:                                       + timeoutSeconds = (known after apply)
TestTerraformKafkaTopicsExample 2022-08-03T15:21:52Z logger.go:66:                                     }
TestTerraformKafkaTopicsExample 2022-08-03T15:21:52Z logger.go:66:                                 }
TestTerraformKafkaTopicsExample 2022-08-03T15:21:52Z logger.go:66:                             }
TestTerraformKafkaTopicsExample 2022-08-03T15:21:52Z logger.go:66:                           + route        = {
TestTerraformKafkaTopicsExample 2022-08-03T15:21:52Z logger.go:66:                               + annotations    = (known after apply)
TestTerraformKafkaTopicsExample 2022-08-03T15:21:52Z logger.go:66:                               + domain         = (known after apply)
TestTerraformKafkaTopicsExample 2022-08-03T15:21:52Z logger.go:66:                               + labels         = (known after apply)
TestTerraformKafkaTopicsExample 2022-08-03T15:21:52Z logger.go:66:                               + prefix         = (known after apply)
TestTerraformKafkaTopicsExample 2022-08-03T15:21:52Z logger.go:66:                               + wildcardPolicy = (known after apply)
TestTerraformKafkaTopicsExample 2022-08-03T15:21:52Z logger.go:66:                             }
TestTerraformKafkaTopicsExample 2022-08-03T15:21:52Z logger.go:66:                           + type         = (known after apply)
TestTerraformKafkaTopicsExample 2022-08-03T15:21:52Z logger.go:66:                         }
TestTerraformKafkaTopicsExample 2022-08-03T15:21:52Z logger.go:66:                       + tls            = {
TestTerraformKafkaTopicsExample 2022-08-03T15:21:52Z logger.go:66:                           + directoryPathInContainer = (known after apply)
TestTerraformKafkaTopicsExample 2022-08-03T15:21:52Z logger.go:66:                           + enabled                  = (known after apply)
TestTerraformKafkaTopicsExample 2022-08-03T15:21:52Z logger.go:66:                           + ignoreTrustStoreConfig   = (known after apply)
TestTerraformKafkaTopicsExample 2022-08-03T15:21:52Z logger.go:66:                           + jksPassword              = {
TestTerraformKafkaTopicsExample 2022-08-03T15:21:52Z logger.go:66:                               + secretRef = (known after apply)
TestTerraformKafkaTopicsExample 2022-08-03T15:21:52Z logger.go:66:                             }
TestTerraformKafkaTopicsExample 2022-08-03T15:21:52Z logger.go:66:                           + secretRef                = (known after apply)
TestTerraformKafkaTopicsExample 2022-08-03T15:21:52Z logger.go:66:                         }
TestTerraformKafkaTopicsExample 2022-08-03T15:21:52Z logger.go:66:                     }
TestTerraformKafkaTopicsExample 2022-08-03T15:21:52Z logger.go:66:                   + mds       = {
TestTerraformKafkaTopicsExample 2022-08-03T15:21:52Z logger.go:66:                       + authentication = {
TestTerraformKafkaTopicsExample 2022-08-03T15:21:52Z logger.go:66:                           + type = (known after apply)
TestTerraformKafkaTopicsExample 2022-08-03T15:21:52Z logger.go:66:                         }
TestTerraformKafkaTopicsExample 2022-08-03T15:21:52Z logger.go:66:                       + externalAccess = {
TestTerraformKafkaTopicsExample 2022-08-03T15:21:52Z logger.go:66:                           + loadBalancer = {
TestTerraformKafkaTopicsExample 2022-08-03T15:21:52Z logger.go:66:                               + advertisedURL            = {
TestTerraformKafkaTopicsExample 2022-08-03T15:21:52Z logger.go:66:                                   + enabled = (known after apply)
TestTerraformKafkaTopicsExample 2022-08-03T15:21:52Z logger.go:66:                                   + prefix  = (known after apply)
TestTerraformKafkaTopicsExample 2022-08-03T15:21:52Z logger.go:66:                                 }
TestTerraformKafkaTopicsExample 2022-08-03T15:21:52Z logger.go:66:                               + annotations              = (known after apply)
TestTerraformKafkaTopicsExample 2022-08-03T15:21:52Z logger.go:66:                               + domain                   = (known after apply)
TestTerraformKafkaTopicsExample 2022-08-03T15:21:52Z logger.go:66:                               + externalTrafficPolicy    = (known after apply)
TestTerraformKafkaTopicsExample 2022-08-03T15:21:52Z logger.go:66:                               + labels                   = (known after apply)
TestTerraformKafkaTopicsExample 2022-08-03T15:21:52Z logger.go:66:                               + loadBalancerSourceRanges = (known after apply)
TestTerraformKafkaTopicsExample 2022-08-03T15:21:52Z logger.go:66:                               + port                     = (known after apply)
TestTerraformKafkaTopicsExample 2022-08-03T15:21:52Z logger.go:66:                               + prefix                   = (known after apply)
TestTerraformKafkaTopicsExample 2022-08-03T15:21:52Z logger.go:66:                               + servicePorts             = (known after apply)
TestTerraformKafkaTopicsExample 2022-08-03T15:21:52Z logger.go:66:                               + sessionAffinity          = (known after apply)
TestTerraformKafkaTopicsExample 2022-08-03T15:21:52Z logger.go:66:                               + sessionAffinityConfig    = {
TestTerraformKafkaTopicsExample 2022-08-03T15:21:52Z logger.go:66:                                   + clientIP = {
TestTerraformKafkaTopicsExample 2022-08-03T15:21:52Z logger.go:66:                                       + timeoutSeconds = (known after apply)
TestTerraformKafkaTopicsExample 2022-08-03T15:21:52Z logger.go:66:                                     }
TestTerraformKafkaTopicsExample 2022-08-03T15:21:52Z logger.go:66:                                 }
TestTerraformKafkaTopicsExample 2022-08-03T15:21:52Z logger.go:66:                             }
TestTerraformKafkaTopicsExample 2022-08-03T15:21:52Z logger.go:66:                           + nodePort     = {
TestTerraformKafkaTopicsExample 2022-08-03T15:21:52Z logger.go:66:                               + advertisedURL         = {
TestTerraformKafkaTopicsExample 2022-08-03T15:21:52Z logger.go:66:                                   + enabled = (known after apply)
TestTerraformKafkaTopicsExample 2022-08-03T15:21:52Z logger.go:66:                                   + prefix  = (known after apply)
TestTerraformKafkaTopicsExample 2022-08-03T15:21:52Z logger.go:66:                                 }
TestTerraformKafkaTopicsExample 2022-08-03T15:21:52Z logger.go:66:                               + annotations           = (known after apply)
TestTerraformKafkaTopicsExample 2022-08-03T15:21:52Z logger.go:66:                               + externalTrafficPolicy = (known after apply)
TestTerraformKafkaTopicsExample 2022-08-03T15:21:52Z logger.go:66:                               + host                  = (known after apply)
TestTerraformKafkaTopicsExample 2022-08-03T15:21:52Z logger.go:66:                               + labels                = (known after apply)
TestTerraformKafkaTopicsExample 2022-08-03T15:21:52Z logger.go:66:                               + nodePortOffset        = (known after apply)
TestTerraformKafkaTopicsExample 2022-08-03T15:21:52Z logger.go:66:                               + servicePorts          = (known after apply)
TestTerraformKafkaTopicsExample 2022-08-03T15:21:52Z logger.go:66:                               + sessionAffinity       = (known after apply)
TestTerraformKafkaTopicsExample 2022-08-03T15:21:52Z logger.go:66:                               + sessionAffinityConfig = {
TestTerraformKafkaTopicsExample 2022-08-03T15:21:52Z logger.go:66:                                   + clientIP = {
TestTerraformKafkaTopicsExample 2022-08-03T15:21:52Z logger.go:66:                                       + timeoutSeconds = (known after apply)
TestTerraformKafkaTopicsExample 2022-08-03T15:21:52Z logger.go:66:                                     }
TestTerraformKafkaTopicsExample 2022-08-03T15:21:52Z logger.go:66:                                 }
TestTerraformKafkaTopicsExample 2022-08-03T15:21:52Z logger.go:66:                             }
TestTerraformKafkaTopicsExample 2022-08-03T15:21:52Z logger.go:66:                           + route        = {
TestTerraformKafkaTopicsExample 2022-08-03T15:21:52Z logger.go:66:                               + annotations    = (known after apply)
TestTerraformKafkaTopicsExample 2022-08-03T15:21:52Z logger.go:66:                               + domain         = (known after apply)
TestTerraformKafkaTopicsExample 2022-08-03T15:21:52Z logger.go:66:                               + labels         = (known after apply)
TestTerraformKafkaTopicsExample 2022-08-03T15:21:52Z logger.go:66:                               + prefix         = (known after apply)
TestTerraformKafkaTopicsExample 2022-08-03T15:21:52Z logger.go:66:                               + wildcardPolicy = (known after apply)
TestTerraformKafkaTopicsExample 2022-08-03T15:21:52Z logger.go:66:                             }
TestTerraformKafkaTopicsExample 2022-08-03T15:21:52Z logger.go:66:                           + type         = (known after apply)
TestTerraformKafkaTopicsExample 2022-08-03T15:21:52Z logger.go:66:                         }
TestTerraformKafkaTopicsExample 2022-08-03T15:21:52Z logger.go:66:                       + provider       = {
TestTerraformKafkaTopicsExample 2022-08-03T15:21:52Z logger.go:66:                           + ldap = {
TestTerraformKafkaTopicsExample 2022-08-03T15:21:52Z logger.go:66:                               + address        = (known after apply)
TestTerraformKafkaTopicsExample 2022-08-03T15:21:52Z logger.go:66:                               + authentication = {
TestTerraformKafkaTopicsExample 2022-08-03T15:21:52Z logger.go:66:                                   + simple = {
TestTerraformKafkaTopicsExample 2022-08-03T15:21:52Z logger.go:66:                                       + directoryPathInContainer = (known after apply)
TestTerraformKafkaTopicsExample 2022-08-03T15:21:52Z logger.go:66:                                       + secretRef                = (known after apply)
TestTerraformKafkaTopicsExample 2022-08-03T15:21:52Z logger.go:66:                                     }
TestTerraformKafkaTopicsExample 2022-08-03T15:21:52Z logger.go:66:                                   + type   = (known after apply)
TestTerraformKafkaTopicsExample 2022-08-03T15:21:52Z logger.go:66:                                 }
TestTerraformKafkaTopicsExample 2022-08-03T15:21:52Z logger.go:66:                               + configurations = {
TestTerraformKafkaTopicsExample 2022-08-03T15:21:52Z logger.go:66:                                   + groupMemberAttribute         = (known after apply)
TestTerraformKafkaTopicsExample 2022-08-03T15:21:52Z logger.go:66:                                   + groupMemberAttributePattern  = (known after apply)
TestTerraformKafkaTopicsExample 2022-08-03T15:21:52Z logger.go:66:                                   + groupNameAttribute           = (known after apply)
TestTerraformKafkaTopicsExample 2022-08-03T15:21:52Z logger.go:66:                                   + groupObjectClass             = (known after apply)
TestTerraformKafkaTopicsExample 2022-08-03T15:21:52Z logger.go:66:                                   + groupSearchBase              = (known after apply)
TestTerraformKafkaTopicsExample 2022-08-03T15:21:52Z logger.go:66:                                   + groupSearchFilter            = (known after apply)
TestTerraformKafkaTopicsExample 2022-08-03T15:21:52Z logger.go:66:                                   + groupSearchScope             = (known after apply)
TestTerraformKafkaTopicsExample 2022-08-03T15:21:52Z logger.go:66:                                   + userMemberOfAttributePattern = (known after apply)
TestTerraformKafkaTopicsExample 2022-08-03T15:21:52Z logger.go:66:                                   + userNameAttribute            = (known after apply)
TestTerraformKafkaTopicsExample 2022-08-03T15:21:52Z logger.go:66:                                   + userObjectClass              = (known after apply)
TestTerraformKafkaTopicsExample 2022-08-03T15:21:52Z logger.go:66:                                   + userSearchBase               = (known after apply)
TestTerraformKafkaTopicsExample 2022-08-03T15:21:52Z logger.go:66:                                   + userSearchFilter             = (known after apply)
TestTerraformKafkaTopicsExample 2022-08-03T15:21:52Z logger.go:66:                                   + userSearchScope              = (known after apply)
TestTerraformKafkaTopicsExample 2022-08-03T15:21:52Z logger.go:66:                                 }
TestTerraformKafkaTopicsExample 2022-08-03T15:21:52Z logger.go:66:                               + tls            = {
TestTerraformKafkaTopicsExample 2022-08-03T15:21:52Z logger.go:66:                                   + directoryPathInContainer = (known after apply)
TestTerraformKafkaTopicsExample 2022-08-03T15:21:52Z logger.go:66:                                   + enabled                  = (known after apply)
TestTerraformKafkaTopicsExample 2022-08-03T15:21:52Z logger.go:66:                                   + ignoreTrustStoreConfig   = (known after apply)
TestTerraformKafkaTopicsExample 2022-08-03T15:21:52Z logger.go:66:                                   + jksPassword              = {
TestTerraformKafkaTopicsExample 2022-08-03T15:21:52Z logger.go:66:                                       + secretRef = (known after apply)
TestTerraformKafkaTopicsExample 2022-08-03T15:21:52Z logger.go:66:                                     }
TestTerraformKafkaTopicsExample 2022-08-03T15:21:52Z logger.go:66:                                   + secretRef                = (known after apply)
TestTerraformKafkaTopicsExample 2022-08-03T15:21:52Z logger.go:66:                                 }
TestTerraformKafkaTopicsExample 2022-08-03T15:21:52Z logger.go:66:                             }
TestTerraformKafkaTopicsExample 2022-08-03T15:21:52Z logger.go:66:                           + type = (known after apply)
TestTerraformKafkaTopicsExample 2022-08-03T15:21:52Z logger.go:66:                         }
TestTerraformKafkaTopicsExample 2022-08-03T15:21:52Z logger.go:66:                       + tls            = {
TestTerraformKafkaTopicsExample 2022-08-03T15:21:52Z logger.go:66:                           + directoryPathInContainer = (known after apply)
TestTerraformKafkaTopicsExample 2022-08-03T15:21:52Z logger.go:66:                           + enabled                  = (known after apply)
TestTerraformKafkaTopicsExample 2022-08-03T15:21:52Z logger.go:66:                           + ignoreTrustStoreConfig   = (known after apply)
TestTerraformKafkaTopicsExample 2022-08-03T15:21:52Z logger.go:66:                           + jksPassword              = {
TestTerraformKafkaTopicsExample 2022-08-03T15:21:52Z logger.go:66:                               + secretRef = (known after apply)
TestTerraformKafkaTopicsExample 2022-08-03T15:21:52Z logger.go:66:                             }
TestTerraformKafkaTopicsExample 2022-08-03T15:21:52Z logger.go:66:                           + secretRef                = (known after apply)
TestTerraformKafkaTopicsExample 2022-08-03T15:21:52Z logger.go:66:                         }
TestTerraformKafkaTopicsExample 2022-08-03T15:21:52Z logger.go:66:                       + tokenKeyPair   = {
TestTerraformKafkaTopicsExample 2022-08-03T15:21:52Z logger.go:66:                           + directoryPathInContainer = (known after apply)
TestTerraformKafkaTopicsExample 2022-08-03T15:21:52Z logger.go:66:                           + secretRef                = (known after apply)
TestTerraformKafkaTopicsExample 2022-08-03T15:21:52Z logger.go:66:                         }
TestTerraformKafkaTopicsExample 2022-08-03T15:21:52Z logger.go:66:                     }
TestTerraformKafkaTopicsExample 2022-08-03T15:21:52Z logger.go:66:                 }
TestTerraformKafkaTopicsExample 2022-08-03T15:21:52Z logger.go:66:               + storageClass       = {
TestTerraformKafkaTopicsExample 2022-08-03T15:21:52Z logger.go:66:                   + name = (known after apply)
TestTerraformKafkaTopicsExample 2022-08-03T15:21:52Z logger.go:66:                 }
TestTerraformKafkaTopicsExample 2022-08-03T15:21:52Z logger.go:66:               + telemetry          = {
TestTerraformKafkaTopicsExample 2022-08-03T15:21:52Z logger.go:66:                   + global = (known after apply)
TestTerraformKafkaTopicsExample 2022-08-03T15:21:52Z logger.go:66:                 }
TestTerraformKafkaTopicsExample 2022-08-03T15:21:52Z logger.go:66:               + tls                = {
TestTerraformKafkaTopicsExample 2022-08-03T15:21:52Z logger.go:66:                   + autoGeneratedCerts       = (known after apply)
TestTerraformKafkaTopicsExample 2022-08-03T15:21:52Z logger.go:66:                   + directoryPathInContainer = (known after apply)
TestTerraformKafkaTopicsExample 2022-08-03T15:21:52Z logger.go:66:                   + ignoreTrustStoreConfig   = (known after apply)
TestTerraformKafkaTopicsExample 2022-08-03T15:21:52Z logger.go:66:                   + jksPassword              = {
TestTerraformKafkaTopicsExample 2022-08-03T15:21:52Z logger.go:66:                       + secretRef = (known after apply)
TestTerraformKafkaTopicsExample 2022-08-03T15:21:52Z logger.go:66:                     }
TestTerraformKafkaTopicsExample 2022-08-03T15:21:52Z logger.go:66:                   + secretRef                = (known after apply)
TestTerraformKafkaTopicsExample 2022-08-03T15:21:52Z logger.go:66:                 }
TestTerraformKafkaTopicsExample 2022-08-03T15:21:52Z logger.go:66:             }
TestTerraformKafkaTopicsExample 2022-08-03T15:21:52Z logger.go:66:         }
TestTerraformKafkaTopicsExample 2022-08-03T15:21:52Z logger.go:66:
TestTerraformKafkaTopicsExample 2022-08-03T15:21:52Z logger.go:66:       + timeouts {
TestTerraformKafkaTopicsExample 2022-08-03T15:21:52Z logger.go:66:           + create = "1h"
TestTerraformKafkaTopicsExample 2022-08-03T15:21:52Z logger.go:66:           + delete = "10m"
TestTerraformKafkaTopicsExample 2022-08-03T15:21:52Z logger.go:66:           + update = "1h"
TestTerraformKafkaTopicsExample 2022-08-03T15:21:52Z logger.go:66:         }
TestTerraformKafkaTopicsExample 2022-08-03T15:21:52Z logger.go:66:
TestTerraformKafkaTopicsExample 2022-08-03T15:21:52Z logger.go:66:       + wait {
TestTerraformKafkaTopicsExample 2022-08-03T15:21:52Z logger.go:66:           + fields = {
TestTerraformKafkaTopicsExample 2022-08-03T15:21:52Z logger.go:66:               + "status.phase" = "RUNNING"
TestTerraformKafkaTopicsExample 2022-08-03T15:21:52Z logger.go:66:             }
TestTerraformKafkaTopicsExample 2022-08-03T15:21:52Z logger.go:66:         }
TestTerraformKafkaTopicsExample 2022-08-03T15:21:52Z logger.go:66:     }
TestTerraformKafkaTopicsExample 2022-08-03T15:21:52Z logger.go:66:
TestTerraformKafkaTopicsExample 2022-08-03T15:21:52Z logger.go:66:   # module.confluent_platform.module.confluent_platform.kubernetes_manifest.components["kafkarestproxy"] will be created
TestTerraformKafkaTopicsExample 2022-08-03T15:21:52Z logger.go:66:   + resource "kubernetes_manifest" "components" {
TestTerraformKafkaTopicsExample 2022-08-03T15:21:52Z logger.go:66:       + computed_fields = [
TestTerraformKafkaTopicsExample 2022-08-03T15:21:52Z logger.go:66:           + "metadata.finalizers",
TestTerraformKafkaTopicsExample 2022-08-03T15:21:52Z logger.go:66:         ]
TestTerraformKafkaTopicsExample 2022-08-03T15:21:52Z logger.go:66:       + manifest        = {
TestTerraformKafkaTopicsExample 2022-08-03T15:21:52Z logger.go:66:           + apiVersion = "platform.confluent.io/v1beta1"
TestTerraformKafkaTopicsExample 2022-08-03T15:21:52Z logger.go:66:           + kind       = "KafkaRestProxy"
TestTerraformKafkaTopicsExample 2022-08-03T15:21:52Z logger.go:66:           + metadata   = {
TestTerraformKafkaTopicsExample 2022-08-03T15:21:52Z logger.go:66:               + name      = "kafkarestproxy"
TestTerraformKafkaTopicsExample 2022-08-03T15:21:52Z logger.go:66:               + namespace = "confluent"
TestTerraformKafkaTopicsExample 2022-08-03T15:21:52Z logger.go:66:             }
TestTerraformKafkaTopicsExample 2022-08-03T15:21:52Z logger.go:66:           + spec       = {
TestTerraformKafkaTopicsExample 2022-08-03T15:21:52Z logger.go:66:               + dependencies = {
TestTerraformKafkaTopicsExample 2022-08-03T15:21:52Z logger.go:66:                   + schemaRegistry = {
TestTerraformKafkaTopicsExample 2022-08-03T15:21:52Z logger.go:66:                       + url = "http://schemaregistry.confluent.svc.cluster.local:8081"
TestTerraformKafkaTopicsExample 2022-08-03T15:21:52Z logger.go:66:                     }
TestTerraformKafkaTopicsExample 2022-08-03T15:21:52Z logger.go:66:                 }
TestTerraformKafkaTopicsExample 2022-08-03T15:21:52Z logger.go:66:               + image        = {
TestTerraformKafkaTopicsExample 2022-08-03T15:21:52Z logger.go:66:                   + application = "confluentinc/cp-kafka-rest:7.2.0"
TestTerraformKafkaTopicsExample 2022-08-03T15:21:52Z logger.go:66:                   + init        = "confluentinc/confluent-init-container:2.4.0"
TestTerraformKafkaTopicsExample 2022-08-03T15:21:52Z logger.go:66:                 }
TestTerraformKafkaTopicsExample 2022-08-03T15:21:52Z logger.go:66:               + replicas     = 1
TestTerraformKafkaTopicsExample 2022-08-03T15:21:52Z logger.go:66:             }
TestTerraformKafkaTopicsExample 2022-08-03T15:21:52Z logger.go:66:         }
TestTerraformKafkaTopicsExample 2022-08-03T15:21:52Z logger.go:66:       + object          = {
TestTerraformKafkaTopicsExample 2022-08-03T15:21:52Z logger.go:66:           + apiVersion = "platform.confluent.io/v1beta1"
TestTerraformKafkaTopicsExample 2022-08-03T15:21:52Z logger.go:66:           + kind       = "KafkaRestProxy"
TestTerraformKafkaTopicsExample 2022-08-03T15:21:52Z logger.go:66:           + metadata   = {
TestTerraformKafkaTopicsExample 2022-08-03T15:21:52Z logger.go:66:               + annotations                = (known after apply)
TestTerraformKafkaTopicsExample 2022-08-03T15:21:52Z logger.go:66:               + clusterName                = (known after apply)
TestTerraformKafkaTopicsExample 2022-08-03T15:21:52Z logger.go:66:               + creationTimestamp          = (known after apply)
TestTerraformKafkaTopicsExample 2022-08-03T15:21:52Z logger.go:66:               + deletionGracePeriodSeconds = (known after apply)
TestTerraformKafkaTopicsExample 2022-08-03T15:21:52Z logger.go:66:               + deletionTimestamp          = (known after apply)
TestTerraformKafkaTopicsExample 2022-08-03T15:21:52Z logger.go:66:               + finalizers                 = (known after apply)
TestTerraformKafkaTopicsExample 2022-08-03T15:21:52Z logger.go:66:               + generateName               = (known after apply)
TestTerraformKafkaTopicsExample 2022-08-03T15:21:52Z logger.go:66:               + generation                 = (known after apply)
TestTerraformKafkaTopicsExample 2022-08-03T15:21:52Z logger.go:66:               + labels                     = (known after apply)
TestTerraformKafkaTopicsExample 2022-08-03T15:21:52Z logger.go:66:               + managedFields              = (known after apply)
TestTerraformKafkaTopicsExample 2022-08-03T15:21:52Z logger.go:66:               + name                       = "kafkarestproxy"
TestTerraformKafkaTopicsExample 2022-08-03T15:21:52Z logger.go:66:               + namespace                  = "confluent"
TestTerraformKafkaTopicsExample 2022-08-03T15:21:52Z logger.go:66:               + ownerReferences            = (known after apply)
TestTerraformKafkaTopicsExample 2022-08-03T15:21:52Z logger.go:66:               + resourceVersion            = (known after apply)
TestTerraformKafkaTopicsExample 2022-08-03T15:21:52Z logger.go:66:               + selfLink                   = (known after apply)
TestTerraformKafkaTopicsExample 2022-08-03T15:21:52Z logger.go:66:               + uid                        = (known after apply)
TestTerraformKafkaTopicsExample 2022-08-03T15:21:52Z logger.go:66:             }
TestTerraformKafkaTopicsExample 2022-08-03T15:21:52Z logger.go:66:           + spec       = {
TestTerraformKafkaTopicsExample 2022-08-03T15:21:52Z logger.go:66:               + authentication    = {
TestTerraformKafkaTopicsExample 2022-08-03T15:21:52Z logger.go:66:                   + basic = {
TestTerraformKafkaTopicsExample 2022-08-03T15:21:52Z logger.go:66:                       + debug                    = (known after apply)
TestTerraformKafkaTopicsExample 2022-08-03T15:21:52Z logger.go:66:                       + directoryPathInContainer = (known after apply)
TestTerraformKafkaTopicsExample 2022-08-03T15:21:52Z logger.go:66:                       + restrictedRoles          = (known after apply)
TestTerraformKafkaTopicsExample 2022-08-03T15:21:52Z logger.go:66:                       + roles                    = (known after apply)
TestTerraformKafkaTopicsExample 2022-08-03T15:21:52Z logger.go:66:                       + secretRef                = (known after apply)
TestTerraformKafkaTopicsExample 2022-08-03T15:21:52Z logger.go:66:                     }
TestTerraformKafkaTopicsExample 2022-08-03T15:21:52Z logger.go:66:                   + type  = (known after apply)
TestTerraformKafkaTopicsExample 2022-08-03T15:21:52Z logger.go:66:                 }
TestTerraformKafkaTopicsExample 2022-08-03T15:21:52Z logger.go:66:               + authorization     = {
TestTerraformKafkaTopicsExample 2022-08-03T15:21:52Z logger.go:66:                   + kafkaRestClassRef = {
TestTerraformKafkaTopicsExample 2022-08-03T15:21:52Z logger.go:66:                       + name      = (known after apply)
TestTerraformKafkaTopicsExample 2022-08-03T15:21:52Z logger.go:66:                       + namespace = (known after apply)
TestTerraformKafkaTopicsExample 2022-08-03T15:21:52Z logger.go:66:                     }
TestTerraformKafkaTopicsExample 2022-08-03T15:21:52Z logger.go:66:                   + type              = (known after apply)
TestTerraformKafkaTopicsExample 2022-08-03T15:21:52Z logger.go:66:                 }
TestTerraformKafkaTopicsExample 2022-08-03T15:21:52Z logger.go:66:               + configOverrides   = {
TestTerraformKafkaTopicsExample 2022-08-03T15:21:52Z logger.go:66:                   + jvm    = (known after apply)
TestTerraformKafkaTopicsExample 2022-08-03T15:21:52Z logger.go:66:                   + log4j  = (known after apply)
TestTerraformKafkaTopicsExample 2022-08-03T15:21:52Z logger.go:66:                   + server = (known after apply)
TestTerraformKafkaTopicsExample 2022-08-03T15:21:52Z logger.go:66:                 }
TestTerraformKafkaTopicsExample 2022-08-03T15:21:52Z logger.go:66:               + dependencies      = {
TestTerraformKafkaTopicsExample 2022-08-03T15:21:52Z logger.go:66:                   + interceptor    = {
TestTerraformKafkaTopicsExample 2022-08-03T15:21:52Z logger.go:66:                       + configs   = (known after apply)
TestTerraformKafkaTopicsExample 2022-08-03T15:21:52Z logger.go:66:                       + consumer  = {
TestTerraformKafkaTopicsExample 2022-08-03T15:21:52Z logger.go:66:                           + authentication    = {
TestTerraformKafkaTopicsExample 2022-08-03T15:21:52Z logger.go:66:                               + jaasConfig            = {
TestTerraformKafkaTopicsExample 2022-08-03T15:21:52Z logger.go:66:                                   + secretRef = (known after apply)
TestTerraformKafkaTopicsExample 2022-08-03T15:21:52Z logger.go:66:                                 }
TestTerraformKafkaTopicsExample 2022-08-03T15:21:52Z logger.go:66:                               + jaasConfigPassThrough = {
TestTerraformKafkaTopicsExample 2022-08-03T15:21:52Z logger.go:66:                                   + directoryPathInContainer = (known after apply)
TestTerraformKafkaTopicsExample 2022-08-03T15:21:52Z logger.go:66:                                   + secretRef                = (known after apply)
TestTerraformKafkaTopicsExample 2022-08-03T15:21:52Z logger.go:66:                                 }
TestTerraformKafkaTopicsExample 2022-08-03T15:21:52Z logger.go:66:                               + oauthbearer           = {
TestTerraformKafkaTopicsExample 2022-08-03T15:21:52Z logger.go:66:                                   + directoryPathInContainer = (known after apply)
TestTerraformKafkaTopicsExample 2022-08-03T15:21:52Z logger.go:66:                                   + secretRef                = (known after apply)
TestTerraformKafkaTopicsExample 2022-08-03T15:21:52Z logger.go:66:                                 }
TestTerraformKafkaTopicsExample 2022-08-03T15:21:52Z logger.go:66:                               + type                  = (known after apply)
TestTerraformKafkaTopicsExample 2022-08-03T15:21:52Z logger.go:66:                             }
TestTerraformKafkaTopicsExample 2022-08-03T15:21:52Z logger.go:66:                           + bootstrapEndpoint = (known after apply)
TestTerraformKafkaTopicsExample 2022-08-03T15:21:52Z logger.go:66:                           + discovery         = {
TestTerraformKafkaTopicsExample 2022-08-03T15:21:52Z logger.go:66:                               + name      = (known after apply)
TestTerraformKafkaTopicsExample 2022-08-03T15:21:52Z logger.go:66:                               + namespace = (known after apply)
TestTerraformKafkaTopicsExample 2022-08-03T15:21:52Z logger.go:66:                               + secretRef = (known after apply)
TestTerraformKafkaTopicsExample 2022-08-03T15:21:52Z logger.go:66:                             }
TestTerraformKafkaTopicsExample 2022-08-03T15:21:52Z logger.go:66:                           + tls               = {
TestTerraformKafkaTopicsExample 2022-08-03T15:21:52Z logger.go:66:                               + directoryPathInContainer = (known after apply)
TestTerraformKafkaTopicsExample 2022-08-03T15:21:52Z logger.go:66:                               + enabled                  = (known after apply)
TestTerraformKafkaTopicsExample 2022-08-03T15:21:52Z logger.go:66:                               + ignoreTrustStoreConfig   = (known after apply)
TestTerraformKafkaTopicsExample 2022-08-03T15:21:52Z logger.go:66:                               + jksPassword              = {
TestTerraformKafkaTopicsExample 2022-08-03T15:21:52Z logger.go:66:                                   + secretRef = (known after apply)
TestTerraformKafkaTopicsExample 2022-08-03T15:21:52Z logger.go:66:                                 }
TestTerraformKafkaTopicsExample 2022-08-03T15:21:52Z logger.go:66:                               + secretRef                = (known after apply)
TestTerraformKafkaTopicsExample 2022-08-03T15:21:52Z logger.go:66:                             }
TestTerraformKafkaTopicsExample 2022-08-03T15:21:52Z logger.go:66:                         }
TestTerraformKafkaTopicsExample 2022-08-03T15:21:52Z logger.go:66:                       + enabled   = (known after apply)
TestTerraformKafkaTopicsExample 2022-08-03T15:21:52Z logger.go:66:                       + producer  = {
TestTerraformKafkaTopicsExample 2022-08-03T15:21:52Z logger.go:66:                           + authentication    = {
TestTerraformKafkaTopicsExample 2022-08-03T15:21:52Z logger.go:66:                               + jaasConfig            = {
TestTerraformKafkaTopicsExample 2022-08-03T15:21:52Z logger.go:66:                                   + secretRef = (known after apply)
TestTerraformKafkaTopicsExample 2022-08-03T15:21:52Z logger.go:66:                                 }
TestTerraformKafkaTopicsExample 2022-08-03T15:21:52Z logger.go:66:                               + jaasConfigPassThrough = {
TestTerraformKafkaTopicsExample 2022-08-03T15:21:52Z logger.go:66:                                   + directoryPathInContainer = (known after apply)
TestTerraformKafkaTopicsExample 2022-08-03T15:21:52Z logger.go:66:                                   + secretRef                = (known after apply)
TestTerraformKafkaTopicsExample 2022-08-03T15:21:52Z logger.go:66:                                 }
TestTerraformKafkaTopicsExample 2022-08-03T15:21:52Z logger.go:66:                               + oauthbearer           = {
TestTerraformKafkaTopicsExample 2022-08-03T15:21:52Z logger.go:66:                                   + directoryPathInContainer = (known after apply)
TestTerraformKafkaTopicsExample 2022-08-03T15:21:52Z logger.go:66:                                   + secretRef                = (known after apply)
TestTerraformKafkaTopicsExample 2022-08-03T15:21:52Z logger.go:66:                                 }
TestTerraformKafkaTopicsExample 2022-08-03T15:21:52Z logger.go:66:                               + type                  = (known after apply)
TestTerraformKafkaTopicsExample 2022-08-03T15:21:52Z logger.go:66:                             }
TestTerraformKafkaTopicsExample 2022-08-03T15:21:52Z logger.go:66:                           + bootstrapEndpoint = (known after apply)
TestTerraformKafkaTopicsExample 2022-08-03T15:21:52Z logger.go:66:                           + discovery         = {
TestTerraformKafkaTopicsExample 2022-08-03T15:21:52Z logger.go:66:                               + name      = (known after apply)
TestTerraformKafkaTopicsExample 2022-08-03T15:21:52Z logger.go:66:                               + namespace = (known after apply)
TestTerraformKafkaTopicsExample 2022-08-03T15:21:52Z logger.go:66:                               + secretRef = (known after apply)
TestTerraformKafkaTopicsExample 2022-08-03T15:21:52Z logger.go:66:                             }
TestTerraformKafkaTopicsExample 2022-08-03T15:21:52Z logger.go:66:                           + tls               = {
TestTerraformKafkaTopicsExample 2022-08-03T15:21:52Z logger.go:66:                               + directoryPathInContainer = (known after apply)
TestTerraformKafkaTopicsExample 2022-08-03T15:21:52Z logger.go:66:                               + enabled                  = (known after apply)
TestTerraformKafkaTopicsExample 2022-08-03T15:21:52Z logger.go:66:                               + ignoreTrustStoreConfig   = (known after apply)
TestTerraformKafkaTopicsExample 2022-08-03T15:21:52Z logger.go:66:                               + jksPassword              = {
TestTerraformKafkaTopicsExample 2022-08-03T15:21:52Z logger.go:66:                                   + secretRef = (known after apply)
TestTerraformKafkaTopicsExample 2022-08-03T15:21:52Z logger.go:66:                                 }
TestTerraformKafkaTopicsExample 2022-08-03T15:21:52Z logger.go:66:                               + secretRef                = (known after apply)
TestTerraformKafkaTopicsExample 2022-08-03T15:21:52Z logger.go:66:                             }
TestTerraformKafkaTopicsExample 2022-08-03T15:21:52Z logger.go:66:                         }
TestTerraformKafkaTopicsExample 2022-08-03T15:21:52Z logger.go:66:                       + publishMs = (known after apply)
TestTerraformKafkaTopicsExample 2022-08-03T15:21:52Z logger.go:66:                     }
TestTerraformKafkaTopicsExample 2022-08-03T15:21:52Z logger.go:66:                   + kafka          = {
TestTerraformKafkaTopicsExample 2022-08-03T15:21:52Z logger.go:66:                       + authentication    = {
TestTerraformKafkaTopicsExample 2022-08-03T15:21:52Z logger.go:66:                           + jaasConfig            = {
TestTerraformKafkaTopicsExample 2022-08-03T15:21:52Z logger.go:66:                               + secretRef = (known after apply)
TestTerraformKafkaTopicsExample 2022-08-03T15:21:52Z logger.go:66:                             }
TestTerraformKafkaTopicsExample 2022-08-03T15:21:52Z logger.go:66:                           + jaasConfigPassThrough = {
TestTerraformKafkaTopicsExample 2022-08-03T15:21:52Z logger.go:66:                               + directoryPathInContainer = (known after apply)
TestTerraformKafkaTopicsExample 2022-08-03T15:21:52Z logger.go:66:                               + secretRef                = (known after apply)
TestTerraformKafkaTopicsExample 2022-08-03T15:21:52Z logger.go:66:                             }
TestTerraformKafkaTopicsExample 2022-08-03T15:21:52Z logger.go:66:                           + oauthbearer           = {
TestTerraformKafkaTopicsExample 2022-08-03T15:21:52Z logger.go:66:                               + directoryPathInContainer = (known after apply)
TestTerraformKafkaTopicsExample 2022-08-03T15:21:52Z logger.go:66:                               + secretRef                = (known after apply)
TestTerraformKafkaTopicsExample 2022-08-03T15:21:52Z logger.go:66:                             }
TestTerraformKafkaTopicsExample 2022-08-03T15:21:52Z logger.go:66:                           + type                  = (known after apply)
TestTerraformKafkaTopicsExample 2022-08-03T15:21:52Z logger.go:66:                         }
TestTerraformKafkaTopicsExample 2022-08-03T15:21:52Z logger.go:66:                       + bootstrapEndpoint = (known after apply)
TestTerraformKafkaTopicsExample 2022-08-03T15:21:52Z logger.go:66:                       + discovery         = {
TestTerraformKafkaTopicsExample 2022-08-03T15:21:52Z logger.go:66:                           + name      = (known after apply)
TestTerraformKafkaTopicsExample 2022-08-03T15:21:52Z logger.go:66:                           + namespace = (known after apply)
TestTerraformKafkaTopicsExample 2022-08-03T15:21:52Z logger.go:66:                           + secretRef = (known after apply)
TestTerraformKafkaTopicsExample 2022-08-03T15:21:52Z logger.go:66:                         }
TestTerraformKafkaTopicsExample 2022-08-03T15:21:52Z logger.go:66:                       + tls               = {
TestTerraformKafkaTopicsExample 2022-08-03T15:21:52Z logger.go:66:                           + directoryPathInContainer = (known after apply)
TestTerraformKafkaTopicsExample 2022-08-03T15:21:52Z logger.go:66:                           + enabled                  = (known after apply)
TestTerraformKafkaTopicsExample 2022-08-03T15:21:52Z logger.go:66:                           + ignoreTrustStoreConfig   = (known after apply)
TestTerraformKafkaTopicsExample 2022-08-03T15:21:52Z logger.go:66:                           + jksPassword              = {
TestTerraformKafkaTopicsExample 2022-08-03T15:21:52Z logger.go:66:                               + secretRef = (known after apply)
TestTerraformKafkaTopicsExample 2022-08-03T15:21:52Z logger.go:66:                             }
TestTerraformKafkaTopicsExample 2022-08-03T15:21:52Z logger.go:66:                           + secretRef                = (known after apply)
TestTerraformKafkaTopicsExample 2022-08-03T15:21:52Z logger.go:66:                         }
TestTerraformKafkaTopicsExample 2022-08-03T15:21:52Z logger.go:66:                     }
TestTerraformKafkaTopicsExample 2022-08-03T15:21:52Z logger.go:66:                   + mds            = {
TestTerraformKafkaTopicsExample 2022-08-03T15:21:52Z logger.go:66:                       + authentication = {
TestTerraformKafkaTopicsExample 2022-08-03T15:21:52Z logger.go:66:                           + bearer = {
TestTerraformKafkaTopicsExample 2022-08-03T15:21:52Z logger.go:66:                               + directoryPathInContainer = (known after apply)
TestTerraformKafkaTopicsExample 2022-08-03T15:21:52Z logger.go:66:                               + secretRef                = (known after apply)
TestTerraformKafkaTopicsExample 2022-08-03T15:21:52Z logger.go:66:                             }
TestTerraformKafkaTopicsExample 2022-08-03T15:21:52Z logger.go:66:                           + type   = (known after apply)
TestTerraformKafkaTopicsExample 2022-08-03T15:21:52Z logger.go:66:                         }
TestTerraformKafkaTopicsExample 2022-08-03T15:21:52Z logger.go:66:                       + endpoint       = (known after apply)
TestTerraformKafkaTopicsExample 2022-08-03T15:21:52Z logger.go:66:                       + tls            = {
TestTerraformKafkaTopicsExample 2022-08-03T15:21:52Z logger.go:66:                           + directoryPathInContainer = (known after apply)
TestTerraformKafkaTopicsExample 2022-08-03T15:21:52Z logger.go:66:                           + enabled                  = (known after apply)
TestTerraformKafkaTopicsExample 2022-08-03T15:21:52Z logger.go:66:                           + ignoreTrustStoreConfig   = (known after apply)
TestTerraformKafkaTopicsExample 2022-08-03T15:21:52Z logger.go:66:                           + jksPassword              = {
TestTerraformKafkaTopicsExample 2022-08-03T15:21:52Z logger.go:66:                               + secretRef = (known after apply)
TestTerraformKafkaTopicsExample 2022-08-03T15:21:52Z logger.go:66:                             }
TestTerraformKafkaTopicsExample 2022-08-03T15:21:52Z logger.go:66:                           + secretRef                = (known after apply)
TestTerraformKafkaTopicsExample 2022-08-03T15:21:52Z logger.go:66:                         }
TestTerraformKafkaTopicsExample 2022-08-03T15:21:52Z logger.go:66:                       + tokenKeyPair   = {
TestTerraformKafkaTopicsExample 2022-08-03T15:21:52Z logger.go:66:                           + directoryPathInContainer = (known after apply)
TestTerraformKafkaTopicsExample 2022-08-03T15:21:52Z logger.go:66:                           + secretRef                = (known after apply)
TestTerraformKafkaTopicsExample 2022-08-03T15:21:52Z logger.go:66:                         }
TestTerraformKafkaTopicsExample 2022-08-03T15:21:52Z logger.go:66:                     }
TestTerraformKafkaTopicsExample 2022-08-03T15:21:52Z logger.go:66:                   + schemaRegistry = {
TestTerraformKafkaTopicsExample 2022-08-03T15:21:52Z logger.go:66:                       + authentication = {
TestTerraformKafkaTopicsExample 2022-08-03T15:21:52Z logger.go:66:                           + basic = {
TestTerraformKafkaTopicsExample 2022-08-03T15:21:52Z logger.go:66:                               + debug                    = (known after apply)
TestTerraformKafkaTopicsExample 2022-08-03T15:21:52Z logger.go:66:                               + directoryPathInContainer = (known after apply)
TestTerraformKafkaTopicsExample 2022-08-03T15:21:52Z logger.go:66:                               + restrictedRoles          = (known after apply)
TestTerraformKafkaTopicsExample 2022-08-03T15:21:52Z logger.go:66:                               + roles                    = (known after apply)
TestTerraformKafkaTopicsExample 2022-08-03T15:21:52Z logger.go:66:                               + secretRef                = (known after apply)
TestTerraformKafkaTopicsExample 2022-08-03T15:21:52Z logger.go:66:                             }
TestTerraformKafkaTopicsExample 2022-08-03T15:21:52Z logger.go:66:                           + type  = (known after apply)
TestTerraformKafkaTopicsExample 2022-08-03T15:21:52Z logger.go:66:                         }
TestTerraformKafkaTopicsExample 2022-08-03T15:21:52Z logger.go:66:                       + tls            = {
TestTerraformKafkaTopicsExample 2022-08-03T15:21:52Z logger.go:66:                           + directoryPathInContainer = (known after apply)
TestTerraformKafkaTopicsExample 2022-08-03T15:21:52Z logger.go:66:                           + enabled                  = (known after apply)
TestTerraformKafkaTopicsExample 2022-08-03T15:21:52Z logger.go:66:                           + ignoreTrustStoreConfig   = (known after apply)
TestTerraformKafkaTopicsExample 2022-08-03T15:21:52Z logger.go:66:                           + jksPassword              = {
TestTerraformKafkaTopicsExample 2022-08-03T15:21:52Z logger.go:66:                               + secretRef = (known after apply)
TestTerraformKafkaTopicsExample 2022-08-03T15:21:52Z logger.go:66:                             }
TestTerraformKafkaTopicsExample 2022-08-03T15:21:52Z logger.go:66:                           + secretRef                = (known after apply)
TestTerraformKafkaTopicsExample 2022-08-03T15:21:52Z logger.go:66:                         }
TestTerraformKafkaTopicsExample 2022-08-03T15:21:52Z logger.go:66:                       + url            = "http://schemaregistry.confluent.svc.cluster.local:8081"
TestTerraformKafkaTopicsExample 2022-08-03T15:21:52Z logger.go:66:                     }
TestTerraformKafkaTopicsExample 2022-08-03T15:21:52Z logger.go:66:                 }
TestTerraformKafkaTopicsExample 2022-08-03T15:21:52Z logger.go:66:               + externalAccess    = {
TestTerraformKafkaTopicsExample 2022-08-03T15:21:52Z logger.go:66:                   + loadBalancer = {
TestTerraformKafkaTopicsExample 2022-08-03T15:21:52Z logger.go:66:                       + advertisedURL            = {
TestTerraformKafkaTopicsExample 2022-08-03T15:21:52Z logger.go:66:                           + enabled = (known after apply)
TestTerraformKafkaTopicsExample 2022-08-03T15:21:52Z logger.go:66:                           + prefix  = (known after apply)
TestTerraformKafkaTopicsExample 2022-08-03T15:21:52Z logger.go:66:                         }
TestTerraformKafkaTopicsExample 2022-08-03T15:21:52Z logger.go:66:                       + annotations              = (known after apply)
TestTerraformKafkaTopicsExample 2022-08-03T15:21:52Z logger.go:66:                       + domain                   = (known after apply)
TestTerraformKafkaTopicsExample 2022-08-03T15:21:52Z logger.go:66:                       + externalTrafficPolicy    = (known after apply)
TestTerraformKafkaTopicsExample 2022-08-03T15:21:52Z logger.go:66:                       + labels                   = (known after apply)
TestTerraformKafkaTopicsExample 2022-08-03T15:21:52Z logger.go:66:                       + loadBalancerSourceRanges = (known after apply)
TestTerraformKafkaTopicsExample 2022-08-03T15:21:52Z logger.go:66:                       + port                     = (known after apply)
TestTerraformKafkaTopicsExample 2022-08-03T15:21:52Z logger.go:66:                       + prefix                   = (known after apply)
TestTerraformKafkaTopicsExample 2022-08-03T15:21:52Z logger.go:66:                       + servicePorts             = (known after apply)
TestTerraformKafkaTopicsExample 2022-08-03T15:21:52Z logger.go:66:                       + sessionAffinity          = (known after apply)
TestTerraformKafkaTopicsExample 2022-08-03T15:21:52Z logger.go:66:                       + sessionAffinityConfig    = {
TestTerraformKafkaTopicsExample 2022-08-03T15:21:52Z logger.go:66:                           + clientIP = {
TestTerraformKafkaTopicsExample 2022-08-03T15:21:52Z logger.go:66:                               + timeoutSeconds = (known after apply)
TestTerraformKafkaTopicsExample 2022-08-03T15:21:52Z logger.go:66:                             }
TestTerraformKafkaTopicsExample 2022-08-03T15:21:52Z logger.go:66:                         }
TestTerraformKafkaTopicsExample 2022-08-03T15:21:52Z logger.go:66:                     }
TestTerraformKafkaTopicsExample 2022-08-03T15:21:52Z logger.go:66:                   + nodePort     = {
TestTerraformKafkaTopicsExample 2022-08-03T15:21:52Z logger.go:66:                       + advertisedURL         = {
TestTerraformKafkaTopicsExample 2022-08-03T15:21:52Z logger.go:66:                           + enabled = (known after apply)
TestTerraformKafkaTopicsExample 2022-08-03T15:21:52Z logger.go:66:                           + prefix  = (known after apply)
TestTerraformKafkaTopicsExample 2022-08-03T15:21:52Z logger.go:66:                         }
TestTerraformKafkaTopicsExample 2022-08-03T15:21:52Z logger.go:66:                       + annotations           = (known after apply)
TestTerraformKafkaTopicsExample 2022-08-03T15:21:52Z logger.go:66:                       + externalTrafficPolicy = (known after apply)
TestTerraformKafkaTopicsExample 2022-08-03T15:21:52Z logger.go:66:                       + host                  = (known after apply)
TestTerraformKafkaTopicsExample 2022-08-03T15:21:52Z logger.go:66:                       + labels                = (known after apply)
TestTerraformKafkaTopicsExample 2022-08-03T15:21:52Z logger.go:66:                       + nodePortOffset        = (known after apply)
TestTerraformKafkaTopicsExample 2022-08-03T15:21:52Z logger.go:66:                       + servicePorts          = (known after apply)
TestTerraformKafkaTopicsExample 2022-08-03T15:21:52Z logger.go:66:                       + sessionAffinity       = (known after apply)
TestTerraformKafkaTopicsExample 2022-08-03T15:21:52Z logger.go:66:                       + sessionAffinityConfig = {
TestTerraformKafkaTopicsExample 2022-08-03T15:21:52Z logger.go:66:                           + clientIP = {
TestTerraformKafkaTopicsExample 2022-08-03T15:21:52Z logger.go:66:                               + timeoutSeconds = (known after apply)
TestTerraformKafkaTopicsExample 2022-08-03T15:21:52Z logger.go:66:                             }
TestTerraformKafkaTopicsExample 2022-08-03T15:21:52Z logger.go:66:                         }
TestTerraformKafkaTopicsExample 2022-08-03T15:21:52Z logger.go:66:                     }
TestTerraformKafkaTopicsExample 2022-08-03T15:21:52Z logger.go:66:                   + route        = {
TestTerraformKafkaTopicsExample 2022-08-03T15:21:52Z logger.go:66:                       + annotations    = (known after apply)
TestTerraformKafkaTopicsExample 2022-08-03T15:21:52Z logger.go:66:                       + domain         = (known after apply)
TestTerraformKafkaTopicsExample 2022-08-03T15:21:52Z logger.go:66:                       + labels         = (known after apply)
TestTerraformKafkaTopicsExample 2022-08-03T15:21:52Z logger.go:66:                       + prefix         = (known after apply)
TestTerraformKafkaTopicsExample 2022-08-03T15:21:52Z logger.go:66:                       + wildcardPolicy = (known after apply)
TestTerraformKafkaTopicsExample 2022-08-03T15:21:52Z logger.go:66:                     }
TestTerraformKafkaTopicsExample 2022-08-03T15:21:52Z logger.go:66:                   + type         = (known after apply)
TestTerraformKafkaTopicsExample 2022-08-03T15:21:52Z logger.go:66:                 }
TestTerraformKafkaTopicsExample 2022-08-03T15:21:52Z logger.go:66:               + headlessService   = {
TestTerraformKafkaTopicsExample 2022-08-03T15:21:52Z logger.go:66:                   + annotations              = (known after apply)
TestTerraformKafkaTopicsExample 2022-08-03T15:21:52Z logger.go:66:                   + labels                   = (known after apply)
TestTerraformKafkaTopicsExample 2022-08-03T15:21:52Z logger.go:66:                   + publishNotReadyAddresses = (known after apply)
TestTerraformKafkaTopicsExample 2022-08-03T15:21:52Z logger.go:66:                 }
TestTerraformKafkaTopicsExample 2022-08-03T15:21:52Z logger.go:66:               + image             = {
TestTerraformKafkaTopicsExample 2022-08-03T15:21:52Z logger.go:66:                   + application   = "confluentinc/cp-kafka-rest:7.2.0"
TestTerraformKafkaTopicsExample 2022-08-03T15:21:52Z logger.go:66:                   + init          = "confluentinc/confluent-init-container:2.4.0"
TestTerraformKafkaTopicsExample 2022-08-03T15:21:52Z logger.go:66:                   + pullPolicy    = (known after apply)
TestTerraformKafkaTopicsExample 2022-08-03T15:21:52Z logger.go:66:                   + pullSecretRef = (known after apply)
TestTerraformKafkaTopicsExample 2022-08-03T15:21:52Z logger.go:66:                 }
TestTerraformKafkaTopicsExample 2022-08-03T15:21:52Z logger.go:66:               + injectAnnotations = (known after apply)
TestTerraformKafkaTopicsExample 2022-08-03T15:21:52Z logger.go:66:               + injectLabels      = (known after apply)
TestTerraformKafkaTopicsExample 2022-08-03T15:21:52Z logger.go:66:               + k8sClusterDomain  = (known after apply)
TestTerraformKafkaTopicsExample 2022-08-03T15:21:52Z logger.go:66:               + license           = {
TestTerraformKafkaTopicsExample 2022-08-03T15:21:52Z logger.go:66:                   + directoryPathInContainer = (known after apply)
TestTerraformKafkaTopicsExample 2022-08-03T15:21:52Z logger.go:66:                   + globalLicense            = (known after apply)
TestTerraformKafkaTopicsExample 2022-08-03T15:21:52Z logger.go:66:                   + secretRef                = (known after apply)
TestTerraformKafkaTopicsExample 2022-08-03T15:21:52Z logger.go:66:                 }
TestTerraformKafkaTopicsExample 2022-08-03T15:21:52Z logger.go:66:               + metrics           = {
TestTerraformKafkaTopicsExample 2022-08-03T15:21:52Z logger.go:66:                   + authentication = {
TestTerraformKafkaTopicsExample 2022-08-03T15:21:52Z logger.go:66:                       + type = (known after apply)
TestTerraformKafkaTopicsExample 2022-08-03T15:21:52Z logger.go:66:                     }
TestTerraformKafkaTopicsExample 2022-08-03T15:21:52Z logger.go:66:                   + prometheus     = {
TestTerraformKafkaTopicsExample 2022-08-03T15:21:52Z logger.go:66:                       + blacklist = (known after apply)
TestTerraformKafkaTopicsExample 2022-08-03T15:21:52Z logger.go:66:                       + rules     = (known after apply)
TestTerraformKafkaTopicsExample 2022-08-03T15:21:52Z logger.go:66:                       + whitelist = (known after apply)
TestTerraformKafkaTopicsExample 2022-08-03T15:21:52Z logger.go:66:                     }
TestTerraformKafkaTopicsExample 2022-08-03T15:21:52Z logger.go:66:                   + tls            = {
TestTerraformKafkaTopicsExample 2022-08-03T15:21:52Z logger.go:66:                       + directoryPathInContainer = (known after apply)
TestTerraformKafkaTopicsExample 2022-08-03T15:21:52Z logger.go:66:                       + enabled                  = (known after apply)
TestTerraformKafkaTopicsExample 2022-08-03T15:21:52Z logger.go:66:                       + ignoreTrustStoreConfig   = (known after apply)
TestTerraformKafkaTopicsExample 2022-08-03T15:21:52Z logger.go:66:                       + jksPassword              = {
TestTerraformKafkaTopicsExample 2022-08-03T15:21:52Z logger.go:66:                           + secretRef = (known after apply)
TestTerraformKafkaTopicsExample 2022-08-03T15:21:52Z logger.go:66:                         }
TestTerraformKafkaTopicsExample 2022-08-03T15:21:52Z logger.go:66:                       + secretRef                = (known after apply)
TestTerraformKafkaTopicsExample 2022-08-03T15:21:52Z logger.go:66:                     }
TestTerraformKafkaTopicsExample 2022-08-03T15:21:52Z logger.go:66:                 }
TestTerraformKafkaTopicsExample 2022-08-03T15:21:52Z logger.go:66:               + mountedSecrets    = (known after apply)
TestTerraformKafkaTopicsExample 2022-08-03T15:21:52Z logger.go:66:               + mountedVolumes    = {
TestTerraformKafkaTopicsExample 2022-08-03T15:21:52Z logger.go:66:                   + volumeMounts = (known after apply)
TestTerraformKafkaTopicsExample 2022-08-03T15:21:52Z logger.go:66:                   + volumes      = (known after apply)
TestTerraformKafkaTopicsExample 2022-08-03T15:21:52Z logger.go:66:                 }
TestTerraformKafkaTopicsExample 2022-08-03T15:21:52Z logger.go:66:               + oneReplicaPerNode = (known after apply)
TestTerraformKafkaTopicsExample 2022-08-03T15:21:52Z logger.go:66:               + podTemplate       = {
TestTerraformKafkaTopicsExample 2022-08-03T15:21:52Z logger.go:66:                   + affinity                      = {
TestTerraformKafkaTopicsExample 2022-08-03T15:21:52Z logger.go:66:                       + nodeAffinity    = {
TestTerraformKafkaTopicsExample 2022-08-03T15:21:52Z logger.go:66:                           + preferredDuringSchedulingIgnoredDuringExecution = (known after apply)
TestTerraformKafkaTopicsExample 2022-08-03T15:21:52Z logger.go:66:                           + requiredDuringSchedulingIgnoredDuringExecution  = {
TestTerraformKafkaTopicsExample 2022-08-03T15:21:52Z logger.go:66:                               + nodeSelectorTerms = (known after apply)
TestTerraformKafkaTopicsExample 2022-08-03T15:21:52Z logger.go:66:                             }
TestTerraformKafkaTopicsExample 2022-08-03T15:21:52Z logger.go:66:                         }
TestTerraformKafkaTopicsExample 2022-08-03T15:21:52Z logger.go:66:                       + podAffinity     = {
TestTerraformKafkaTopicsExample 2022-08-03T15:21:52Z logger.go:66:                           + preferredDuringSchedulingIgnoredDuringExecution = (known after apply)
TestTerraformKafkaTopicsExample 2022-08-03T15:21:52Z logger.go:66:                           + requiredDuringSchedulingIgnoredDuringExecution  = (known after apply)
TestTerraformKafkaTopicsExample 2022-08-03T15:21:52Z logger.go:66:                         }
TestTerraformKafkaTopicsExample 2022-08-03T15:21:52Z logger.go:66:                       + podAntiAffinity = {
TestTerraformKafkaTopicsExample 2022-08-03T15:21:52Z logger.go:66:                           + preferredDuringSchedulingIgnoredDuringExecution = (known after apply)
TestTerraformKafkaTopicsExample 2022-08-03T15:21:52Z logger.go:66:                           + requiredDuringSchedulingIgnoredDuringExecution  = (known after apply)
TestTerraformKafkaTopicsExample 2022-08-03T15:21:52Z logger.go:66:                         }
TestTerraformKafkaTopicsExample 2022-08-03T15:21:52Z logger.go:66:                     }
TestTerraformKafkaTopicsExample 2022-08-03T15:21:52Z logger.go:66:                   + annotations                   = (known after apply)
TestTerraformKafkaTopicsExample 2022-08-03T15:21:52Z logger.go:66:                   + envVars                       = (known after apply)
TestTerraformKafkaTopicsExample 2022-08-03T15:21:52Z logger.go:66:                   + labels                        = (known after apply)
TestTerraformKafkaTopicsExample 2022-08-03T15:21:52Z logger.go:66:                   + podSecurityContext            = {
TestTerraformKafkaTopicsExample 2022-08-03T15:21:52Z logger.go:66:                       + fsGroup             = (known after apply)
TestTerraformKafkaTopicsExample 2022-08-03T15:21:52Z logger.go:66:                       + fsGroupChangePolicy = (known after apply)
TestTerraformKafkaTopicsExample 2022-08-03T15:21:52Z logger.go:66:                       + runAsGroup          = (known after apply)
TestTerraformKafkaTopicsExample 2022-08-03T15:21:52Z logger.go:66:                       + runAsNonRoot        = (known after apply)
TestTerraformKafkaTopicsExample 2022-08-03T15:21:52Z logger.go:66:                       + runAsUser           = (known after apply)
TestTerraformKafkaTopicsExample 2022-08-03T15:21:52Z logger.go:66:                       + seLinuxOptions      = {
TestTerraformKafkaTopicsExample 2022-08-03T15:21:52Z logger.go:66:                           + level = (known after apply)
TestTerraformKafkaTopicsExample 2022-08-03T15:21:52Z logger.go:66:                           + role  = (known after apply)
TestTerraformKafkaTopicsExample 2022-08-03T15:21:52Z logger.go:66:                           + type  = (known after apply)
TestTerraformKafkaTopicsExample 2022-08-03T15:21:52Z logger.go:66:                           + user  = (known after apply)
TestTerraformKafkaTopicsExample 2022-08-03T15:21:52Z logger.go:66:                         }
TestTerraformKafkaTopicsExample 2022-08-03T15:21:52Z logger.go:66:                       + seccompProfile      = {
TestTerraformKafkaTopicsExample 2022-08-03T15:21:52Z logger.go:66:                           + localhostProfile = (known after apply)
TestTerraformKafkaTopicsExample 2022-08-03T15:21:52Z logger.go:66:                           + type             = (known after apply)
TestTerraformKafkaTopicsExample 2022-08-03T15:21:52Z logger.go:66:                         }
TestTerraformKafkaTopicsExample 2022-08-03T15:21:52Z logger.go:66:                       + supplementalGroups  = (known after apply)
TestTerraformKafkaTopicsExample 2022-08-03T15:21:52Z logger.go:66:                       + sysctls             = (known after apply)
TestTerraformKafkaTopicsExample 2022-08-03T15:21:52Z logger.go:66:                       + windowsOptions      = {
TestTerraformKafkaTopicsExample 2022-08-03T15:21:52Z logger.go:66:                           + gmsaCredentialSpec     = (known after apply)
TestTerraformKafkaTopicsExample 2022-08-03T15:21:52Z logger.go:66:                           + gmsaCredentialSpecName = (known after apply)
TestTerraformKafkaTopicsExample 2022-08-03T15:21:52Z logger.go:66:                           + hostProcess            = (known after apply)
TestTerraformKafkaTopicsExample 2022-08-03T15:21:52Z logger.go:66:                           + runAsUserName          = (known after apply)
TestTerraformKafkaTopicsExample 2022-08-03T15:21:52Z logger.go:66:                         }
TestTerraformKafkaTopicsExample 2022-08-03T15:21:52Z logger.go:66:                     }
TestTerraformKafkaTopicsExample 2022-08-03T15:21:52Z logger.go:66:                   + priorityClassName             = (known after apply)
TestTerraformKafkaTopicsExample 2022-08-03T15:21:52Z logger.go:66:                   + probe                         = {
TestTerraformKafkaTopicsExample 2022-08-03T15:21:52Z logger.go:66:                       + liveness  = {
TestTerraformKafkaTopicsExample 2022-08-03T15:21:52Z logger.go:66:                           + failureThreshold    = (known after apply)
TestTerraformKafkaTopicsExample 2022-08-03T15:21:52Z logger.go:66:                           + initialDelaySeconds = (known after apply)
TestTerraformKafkaTopicsExample 2022-08-03T15:21:52Z logger.go:66:                           + periodSeconds       = (known after apply)
TestTerraformKafkaTopicsExample 2022-08-03T15:21:52Z logger.go:66:                           + successThreshold    = (known after apply)
TestTerraformKafkaTopicsExample 2022-08-03T15:21:52Z logger.go:66:                           + timeoutSeconds      = (known after apply)
TestTerraformKafkaTopicsExample 2022-08-03T15:21:52Z logger.go:66:                         }
TestTerraformKafkaTopicsExample 2022-08-03T15:21:52Z logger.go:66:                       + readiness = {
TestTerraformKafkaTopicsExample 2022-08-03T15:21:52Z logger.go:66:                           + failureThreshold    = (known after apply)
TestTerraformKafkaTopicsExample 2022-08-03T15:21:52Z logger.go:66:                           + initialDelaySeconds = (known after apply)
TestTerraformKafkaTopicsExample 2022-08-03T15:21:52Z logger.go:66:                           + periodSeconds       = (known after apply)
TestTerraformKafkaTopicsExample 2022-08-03T15:21:52Z logger.go:66:                           + successThreshold    = (known after apply)
TestTerraformKafkaTopicsExample 2022-08-03T15:21:52Z logger.go:66:                           + timeoutSeconds      = (known after apply)
TestTerraformKafkaTopicsExample 2022-08-03T15:21:52Z logger.go:66:                         }
TestTerraformKafkaTopicsExample 2022-08-03T15:21:52Z logger.go:66:                     }
TestTerraformKafkaTopicsExample 2022-08-03T15:21:52Z logger.go:66:                   + resources                     = {
TestTerraformKafkaTopicsExample 2022-08-03T15:21:52Z logger.go:66:                       + limits   = (known after apply)
TestTerraformKafkaTopicsExample 2022-08-03T15:21:52Z logger.go:66:                       + requests = (known after apply)
TestTerraformKafkaTopicsExample 2022-08-03T15:21:52Z logger.go:66:                     }
TestTerraformKafkaTopicsExample 2022-08-03T15:21:52Z logger.go:66:                   + securityContext               = {
TestTerraformKafkaTopicsExample 2022-08-03T15:21:52Z logger.go:66:                       + allowPrivilegeEscalation = (known after apply)
TestTerraformKafkaTopicsExample 2022-08-03T15:21:52Z logger.go:66:                       + capabilities             = {
TestTerraformKafkaTopicsExample 2022-08-03T15:21:52Z logger.go:66:                           + add  = (known after apply)
TestTerraformKafkaTopicsExample 2022-08-03T15:21:52Z logger.go:66:                           + drop = (known after apply)
TestTerraformKafkaTopicsExample 2022-08-03T15:21:52Z logger.go:66:                         }
TestTerraformKafkaTopicsExample 2022-08-03T15:21:52Z logger.go:66:                       + privileged               = (known after apply)
TestTerraformKafkaTopicsExample 2022-08-03T15:21:52Z logger.go:66:                       + procMount                = (known after apply)
TestTerraformKafkaTopicsExample 2022-08-03T15:21:52Z logger.go:66:                       + readOnlyRootFilesystem   = (known after apply)
TestTerraformKafkaTopicsExample 2022-08-03T15:21:52Z logger.go:66:                       + runAsGroup               = (known after apply)
TestTerraformKafkaTopicsExample 2022-08-03T15:21:52Z logger.go:66:                       + runAsNonRoot             = (known after apply)
TestTerraformKafkaTopicsExample 2022-08-03T15:21:52Z logger.go:66:                       + runAsUser                = (known after apply)
TestTerraformKafkaTopicsExample 2022-08-03T15:21:52Z logger.go:66:                       + seLinuxOptions           = {
TestTerraformKafkaTopicsExample 2022-08-03T15:21:52Z logger.go:66:                           + level = (known after apply)
TestTerraformKafkaTopicsExample 2022-08-03T15:21:52Z logger.go:66:                           + role  = (known after apply)
TestTerraformKafkaTopicsExample 2022-08-03T15:21:52Z logger.go:66:                           + type  = (known after apply)
TestTerraformKafkaTopicsExample 2022-08-03T15:21:52Z logger.go:66:                           + user  = (known after apply)
TestTerraformKafkaTopicsExample 2022-08-03T15:21:52Z logger.go:66:                         }
TestTerraformKafkaTopicsExample 2022-08-03T15:21:52Z logger.go:66:                       + seccompProfile           = {
TestTerraformKafkaTopicsExample 2022-08-03T15:21:52Z logger.go:66:                           + localhostProfile = (known after apply)
TestTerraformKafkaTopicsExample 2022-08-03T15:21:52Z logger.go:66:                           + type             = (known after apply)
TestTerraformKafkaTopicsExample 2022-08-03T15:21:52Z logger.go:66:                         }
TestTerraformKafkaTopicsExample 2022-08-03T15:21:52Z logger.go:66:                       + windowsOptions           = {
TestTerraformKafkaTopicsExample 2022-08-03T15:21:52Z logger.go:66:                           + gmsaCredentialSpec     = (known after apply)
TestTerraformKafkaTopicsExample 2022-08-03T15:21:52Z logger.go:66:                           + gmsaCredentialSpecName = (known after apply)
TestTerraformKafkaTopicsExample 2022-08-03T15:21:52Z logger.go:66:                           + hostProcess            = (known after apply)
TestTerraformKafkaTopicsExample 2022-08-03T15:21:52Z logger.go:66:                           + runAsUserName          = (known after apply)
TestTerraformKafkaTopicsExample 2022-08-03T15:21:52Z logger.go:66:                         }
TestTerraformKafkaTopicsExample 2022-08-03T15:21:52Z logger.go:66:                     }
TestTerraformKafkaTopicsExample 2022-08-03T15:21:52Z logger.go:66:                   + serviceAccountName            = (known after apply)
TestTerraformKafkaTopicsExample 2022-08-03T15:21:52Z logger.go:66:                   + terminationGracePeriodSeconds = (known after apply)
TestTerraformKafkaTopicsExample 2022-08-03T15:21:52Z logger.go:66:                   + tolerations                   = (known after apply)
TestTerraformKafkaTopicsExample 2022-08-03T15:21:52Z logger.go:66:                   + topologySpreadConstraints     = (known after apply)
TestTerraformKafkaTopicsExample 2022-08-03T15:21:52Z logger.go:66:                 }
TestTerraformKafkaTopicsExample 2022-08-03T15:21:52Z logger.go:66:               + replicas          = 1
TestTerraformKafkaTopicsExample 2022-08-03T15:21:52Z logger.go:66:               + telemetry         = {
TestTerraformKafkaTopicsExample 2022-08-03T15:21:52Z logger.go:66:                   + global = (known after apply)
TestTerraformKafkaTopicsExample 2022-08-03T15:21:52Z logger.go:66:                 }
TestTerraformKafkaTopicsExample 2022-08-03T15:21:52Z logger.go:66:               + tls               = {
TestTerraformKafkaTopicsExample 2022-08-03T15:21:52Z logger.go:66:                   + autoGeneratedCerts       = (known after apply)
TestTerraformKafkaTopicsExample 2022-08-03T15:21:52Z logger.go:66:                   + directoryPathInContainer = (known after apply)
TestTerraformKafkaTopicsExample 2022-08-03T15:21:52Z logger.go:66:                   + ignoreTrustStoreConfig   = (known after apply)
TestTerraformKafkaTopicsExample 2022-08-03T15:21:52Z logger.go:66:                   + jksPassword              = {
TestTerraformKafkaTopicsExample 2022-08-03T15:21:52Z logger.go:66:                       + secretRef = (known after apply)
TestTerraformKafkaTopicsExample 2022-08-03T15:21:52Z logger.go:66:                     }
TestTerraformKafkaTopicsExample 2022-08-03T15:21:52Z logger.go:66:                   + secretRef                = (known after apply)
TestTerraformKafkaTopicsExample 2022-08-03T15:21:52Z logger.go:66:                 }
TestTerraformKafkaTopicsExample 2022-08-03T15:21:52Z logger.go:66:             }
TestTerraformKafkaTopicsExample 2022-08-03T15:21:52Z logger.go:66:         }
TestTerraformKafkaTopicsExample 2022-08-03T15:21:52Z logger.go:66:
TestTerraformKafkaTopicsExample 2022-08-03T15:21:52Z logger.go:66:       + timeouts {
TestTerraformKafkaTopicsExample 2022-08-03T15:21:52Z logger.go:66:           + create = "1h"
TestTerraformKafkaTopicsExample 2022-08-03T15:21:52Z logger.go:66:           + delete = "10m"
TestTerraformKafkaTopicsExample 2022-08-03T15:21:52Z logger.go:66:           + update = "1h"
TestTerraformKafkaTopicsExample 2022-08-03T15:21:52Z logger.go:66:         }
TestTerraformKafkaTopicsExample 2022-08-03T15:21:52Z logger.go:66:
TestTerraformKafkaTopicsExample 2022-08-03T15:21:52Z logger.go:66:       + wait {
TestTerraformKafkaTopicsExample 2022-08-03T15:21:52Z logger.go:66:           + fields = {
TestTerraformKafkaTopicsExample 2022-08-03T15:21:52Z logger.go:66:               + "status.phase" = "RUNNING"
TestTerraformKafkaTopicsExample 2022-08-03T15:21:52Z logger.go:66:             }
TestTerraformKafkaTopicsExample 2022-08-03T15:21:52Z logger.go:66:         }
TestTerraformKafkaTopicsExample 2022-08-03T15:21:52Z logger.go:66:     }
TestTerraformKafkaTopicsExample 2022-08-03T15:21:52Z logger.go:66:
TestTerraformKafkaTopicsExample 2022-08-03T15:21:52Z logger.go:66:   # module.confluent_platform.module.confluent_platform.kubernetes_manifest.components["ksqldb"] will be created
TestTerraformKafkaTopicsExample 2022-08-03T15:21:52Z logger.go:66:   + resource "kubernetes_manifest" "components" {
TestTerraformKafkaTopicsExample 2022-08-03T15:21:52Z logger.go:66:       + computed_fields = [
TestTerraformKafkaTopicsExample 2022-08-03T15:21:52Z logger.go:66:           + "metadata.finalizers",
TestTerraformKafkaTopicsExample 2022-08-03T15:21:52Z logger.go:66:         ]
TestTerraformKafkaTopicsExample 2022-08-03T15:21:52Z logger.go:66:       + manifest        = {
TestTerraformKafkaTopicsExample 2022-08-03T15:21:52Z logger.go:66:           + apiVersion = "platform.confluent.io/v1beta1"
TestTerraformKafkaTopicsExample 2022-08-03T15:21:52Z logger.go:66:           + kind       = "KsqlDB"
TestTerraformKafkaTopicsExample 2022-08-03T15:21:52Z logger.go:66:           + metadata   = {
TestTerraformKafkaTopicsExample 2022-08-03T15:21:52Z logger.go:66:               + name      = "ksqldb"
TestTerraformKafkaTopicsExample 2022-08-03T15:21:52Z logger.go:66:               + namespace = "confluent"
TestTerraformKafkaTopicsExample 2022-08-03T15:21:52Z logger.go:66:             }
TestTerraformKafkaTopicsExample 2022-08-03T15:21:52Z logger.go:66:           + spec       = {
TestTerraformKafkaTopicsExample 2022-08-03T15:21:52Z logger.go:66:               + dataVolumeCapacity = "10Gi"
TestTerraformKafkaTopicsExample 2022-08-03T15:21:52Z logger.go:66:               + image              = {
TestTerraformKafkaTopicsExample 2022-08-03T15:21:52Z logger.go:66:                   + application = "confluentinc/cp-ksqldb-server:7.2.0"
TestTerraformKafkaTopicsExample 2022-08-03T15:21:52Z logger.go:66:                   + init        = "confluentinc/confluent-init-container:2.4.0"
TestTerraformKafkaTopicsExample 2022-08-03T15:21:52Z logger.go:66:                 }
TestTerraformKafkaTopicsExample 2022-08-03T15:21:52Z logger.go:66:               + replicas           = 1
TestTerraformKafkaTopicsExample 2022-08-03T15:21:52Z logger.go:66:             }
TestTerraformKafkaTopicsExample 2022-08-03T15:21:52Z logger.go:66:         }
TestTerraformKafkaTopicsExample 2022-08-03T15:21:52Z logger.go:66:       + object          = {
TestTerraformKafkaTopicsExample 2022-08-03T15:21:52Z logger.go:66:           + apiVersion = "platform.confluent.io/v1beta1"
TestTerraformKafkaTopicsExample 2022-08-03T15:21:52Z logger.go:66:           + kind       = "KsqlDB"
TestTerraformKafkaTopicsExample 2022-08-03T15:21:52Z logger.go:66:           + metadata   = {
TestTerraformKafkaTopicsExample 2022-08-03T15:21:52Z logger.go:66:               + annotations                = (known after apply)
TestTerraformKafkaTopicsExample 2022-08-03T15:21:52Z logger.go:66:               + clusterName                = (known after apply)
TestTerraformKafkaTopicsExample 2022-08-03T15:21:52Z logger.go:66:               + creationTimestamp          = (known after apply)
TestTerraformKafkaTopicsExample 2022-08-03T15:21:52Z logger.go:66:               + deletionGracePeriodSeconds = (known after apply)
TestTerraformKafkaTopicsExample 2022-08-03T15:21:52Z logger.go:66:               + deletionTimestamp          = (known after apply)
TestTerraformKafkaTopicsExample 2022-08-03T15:21:52Z logger.go:66:               + finalizers                 = (known after apply)
TestTerraformKafkaTopicsExample 2022-08-03T15:21:52Z logger.go:66:               + generateName               = (known after apply)
TestTerraformKafkaTopicsExample 2022-08-03T15:21:52Z logger.go:66:               + generation                 = (known after apply)
TestTerraformKafkaTopicsExample 2022-08-03T15:21:52Z logger.go:66:               + labels                     = (known after apply)
TestTerraformKafkaTopicsExample 2022-08-03T15:21:52Z logger.go:66:               + managedFields              = (known after apply)
TestTerraformKafkaTopicsExample 2022-08-03T15:21:52Z logger.go:66:               + name                       = "ksqldb"
TestTerraformKafkaTopicsExample 2022-08-03T15:21:52Z logger.go:66:               + namespace                  = "confluent"
TestTerraformKafkaTopicsExample 2022-08-03T15:21:52Z logger.go:66:               + ownerReferences            = (known after apply)
TestTerraformKafkaTopicsExample 2022-08-03T15:21:52Z logger.go:66:               + resourceVersion            = (known after apply)
TestTerraformKafkaTopicsExample 2022-08-03T15:21:52Z logger.go:66:               + selfLink                   = (known after apply)
TestTerraformKafkaTopicsExample 2022-08-03T15:21:52Z logger.go:66:               + uid                        = (known after apply)
TestTerraformKafkaTopicsExample 2022-08-03T15:21:52Z logger.go:66:             }
TestTerraformKafkaTopicsExample 2022-08-03T15:21:52Z logger.go:66:           + spec       = {
TestTerraformKafkaTopicsExample 2022-08-03T15:21:52Z logger.go:66:               + authentication                 = {
TestTerraformKafkaTopicsExample 2022-08-03T15:21:52Z logger.go:66:                   + basic = {
TestTerraformKafkaTopicsExample 2022-08-03T15:21:52Z logger.go:66:                       + debug                    = (known after apply)
TestTerraformKafkaTopicsExample 2022-08-03T15:21:52Z logger.go:66:                       + directoryPathInContainer = (known after apply)
TestTerraformKafkaTopicsExample 2022-08-03T15:21:52Z logger.go:66:                       + restrictedRoles          = (known after apply)
TestTerraformKafkaTopicsExample 2022-08-03T15:21:52Z logger.go:66:                       + roles                    = (known after apply)
TestTerraformKafkaTopicsExample 2022-08-03T15:21:52Z logger.go:66:                       + secretRef                = (known after apply)
TestTerraformKafkaTopicsExample 2022-08-03T15:21:52Z logger.go:66:                     }
TestTerraformKafkaTopicsExample 2022-08-03T15:21:52Z logger.go:66:                   + type  = (known after apply)
TestTerraformKafkaTopicsExample 2022-08-03T15:21:52Z logger.go:66:                 }
TestTerraformKafkaTopicsExample 2022-08-03T15:21:52Z logger.go:66:               + authorization                  = {
TestTerraformKafkaTopicsExample 2022-08-03T15:21:52Z logger.go:66:                   + kafkaRestClassRef = {
TestTerraformKafkaTopicsExample 2022-08-03T15:21:52Z logger.go:66:                       + name      = (known after apply)
TestTerraformKafkaTopicsExample 2022-08-03T15:21:52Z logger.go:66:                       + namespace = (known after apply)
TestTerraformKafkaTopicsExample 2022-08-03T15:21:52Z logger.go:66:                     }
TestTerraformKafkaTopicsExample 2022-08-03T15:21:52Z logger.go:66:                   + type              = (known after apply)
TestTerraformKafkaTopicsExample 2022-08-03T15:21:52Z logger.go:66:                 }
TestTerraformKafkaTopicsExample 2022-08-03T15:21:52Z logger.go:66:               + configOverrides                = {
TestTerraformKafkaTopicsExample 2022-08-03T15:21:52Z logger.go:66:                   + jvm    = (known after apply)
TestTerraformKafkaTopicsExample 2022-08-03T15:21:52Z logger.go:66:                   + log4j  = (known after apply)
TestTerraformKafkaTopicsExample 2022-08-03T15:21:52Z logger.go:66:                   + server = (known after apply)
TestTerraformKafkaTopicsExample 2022-08-03T15:21:52Z logger.go:66:                 }
TestTerraformKafkaTopicsExample 2022-08-03T15:21:52Z logger.go:66:               + dataVolumeCapacity             = "10Gi"
TestTerraformKafkaTopicsExample 2022-08-03T15:21:52Z logger.go:66:               + dependencies                   = {
TestTerraformKafkaTopicsExample 2022-08-03T15:21:52Z logger.go:66:                   + interceptor    = {
TestTerraformKafkaTopicsExample 2022-08-03T15:21:52Z logger.go:66:                       + configs   = (known after apply)
TestTerraformKafkaTopicsExample 2022-08-03T15:21:52Z logger.go:66:                       + consumer  = {
TestTerraformKafkaTopicsExample 2022-08-03T15:21:52Z logger.go:66:                           + authentication    = {
TestTerraformKafkaTopicsExample 2022-08-03T15:21:52Z logger.go:66:                               + jaasConfig            = {
TestTerraformKafkaTopicsExample 2022-08-03T15:21:52Z logger.go:66:                                   + secretRef = (known after apply)
TestTerraformKafkaTopicsExample 2022-08-03T15:21:52Z logger.go:66:                                 }
TestTerraformKafkaTopicsExample 2022-08-03T15:21:52Z logger.go:66:                               + jaasConfigPassThrough = {
TestTerraformKafkaTopicsExample 2022-08-03T15:21:52Z logger.go:66:                                   + directoryPathInContainer = (known after apply)
TestTerraformKafkaTopicsExample 2022-08-03T15:21:52Z logger.go:66:                                   + secretRef                = (known after apply)
TestTerraformKafkaTopicsExample 2022-08-03T15:21:52Z logger.go:66:                                 }
TestTerraformKafkaTopicsExample 2022-08-03T15:21:52Z logger.go:66:                               + oauthbearer           = {
TestTerraformKafkaTopicsExample 2022-08-03T15:21:52Z logger.go:66:                                   + directoryPathInContainer = (known after apply)
TestTerraformKafkaTopicsExample 2022-08-03T15:21:52Z logger.go:66:                                   + secretRef                = (known after apply)
TestTerraformKafkaTopicsExample 2022-08-03T15:21:52Z logger.go:66:                                 }
TestTerraformKafkaTopicsExample 2022-08-03T15:21:52Z logger.go:66:                               + type                  = (known after apply)
TestTerraformKafkaTopicsExample 2022-08-03T15:21:52Z logger.go:66:                             }
TestTerraformKafkaTopicsExample 2022-08-03T15:21:52Z logger.go:66:                           + bootstrapEndpoint = (known after apply)
TestTerraformKafkaTopicsExample 2022-08-03T15:21:52Z logger.go:66:                           + discovery         = {
TestTerraformKafkaTopicsExample 2022-08-03T15:21:52Z logger.go:66:                               + name      = (known after apply)
TestTerraformKafkaTopicsExample 2022-08-03T15:21:52Z logger.go:66:                               + namespace = (known after apply)
TestTerraformKafkaTopicsExample 2022-08-03T15:21:52Z logger.go:66:                               + secretRef = (known after apply)
TestTerraformKafkaTopicsExample 2022-08-03T15:21:52Z logger.go:66:                             }
TestTerraformKafkaTopicsExample 2022-08-03T15:21:52Z logger.go:66:                           + tls               = {
TestTerraformKafkaTopicsExample 2022-08-03T15:21:52Z logger.go:66:                               + directoryPathInContainer = (known after apply)
TestTerraformKafkaTopicsExample 2022-08-03T15:21:52Z logger.go:66:                               + enabled                  = (known after apply)
TestTerraformKafkaTopicsExample 2022-08-03T15:21:52Z logger.go:66:                               + ignoreTrustStoreConfig   = (known after apply)
TestTerraformKafkaTopicsExample 2022-08-03T15:21:52Z logger.go:66:                               + jksPassword              = {
TestTerraformKafkaTopicsExample 2022-08-03T15:21:52Z logger.go:66:                                   + secretRef = (known after apply)
TestTerraformKafkaTopicsExample 2022-08-03T15:21:52Z logger.go:66:                                 }
TestTerraformKafkaTopicsExample 2022-08-03T15:21:52Z logger.go:66:                               + secretRef                = (known after apply)
TestTerraformKafkaTopicsExample 2022-08-03T15:21:52Z logger.go:66:                             }
TestTerraformKafkaTopicsExample 2022-08-03T15:21:52Z logger.go:66:                         }
TestTerraformKafkaTopicsExample 2022-08-03T15:21:52Z logger.go:66:                       + enabled   = (known after apply)
TestTerraformKafkaTopicsExample 2022-08-03T15:21:52Z logger.go:66:                       + producer  = {
TestTerraformKafkaTopicsExample 2022-08-03T15:21:52Z logger.go:66:                           + authentication    = {
TestTerraformKafkaTopicsExample 2022-08-03T15:21:52Z logger.go:66:                               + jaasConfig            = {
TestTerraformKafkaTopicsExample 2022-08-03T15:21:52Z logger.go:66:                                   + secretRef = (known after apply)
TestTerraformKafkaTopicsExample 2022-08-03T15:21:52Z logger.go:66:                                 }
TestTerraformKafkaTopicsExample 2022-08-03T15:21:52Z logger.go:66:                               + jaasConfigPassThrough = {
TestTerraformKafkaTopicsExample 2022-08-03T15:21:52Z logger.go:66:                                   + directoryPathInContainer = (known after apply)
TestTerraformKafkaTopicsExample 2022-08-03T15:21:52Z logger.go:66:                                   + secretRef                = (known after apply)
TestTerraformKafkaTopicsExample 2022-08-03T15:21:52Z logger.go:66:                                 }
TestTerraformKafkaTopicsExample 2022-08-03T15:21:52Z logger.go:66:                               + oauthbearer           = {
TestTerraformKafkaTopicsExample 2022-08-03T15:21:52Z logger.go:66:                                   + directoryPathInContainer = (known after apply)
TestTerraformKafkaTopicsExample 2022-08-03T15:21:52Z logger.go:66:                                   + secretRef                = (known after apply)
TestTerraformKafkaTopicsExample 2022-08-03T15:21:52Z logger.go:66:                                 }
TestTerraformKafkaTopicsExample 2022-08-03T15:21:52Z logger.go:66:                               + type                  = (known after apply)
TestTerraformKafkaTopicsExample 2022-08-03T15:21:52Z logger.go:66:                             }
TestTerraformKafkaTopicsExample 2022-08-03T15:21:52Z logger.go:66:                           + bootstrapEndpoint = (known after apply)
TestTerraformKafkaTopicsExample 2022-08-03T15:21:52Z logger.go:66:                           + discovery         = {
TestTerraformKafkaTopicsExample 2022-08-03T15:21:52Z logger.go:66:                               + name      = (known after apply)
TestTerraformKafkaTopicsExample 2022-08-03T15:21:52Z logger.go:66:                               + namespace = (known after apply)
TestTerraformKafkaTopicsExample 2022-08-03T15:21:52Z logger.go:66:                               + secretRef = (known after apply)
TestTerraformKafkaTopicsExample 2022-08-03T15:21:52Z logger.go:66:                             }
TestTerraformKafkaTopicsExample 2022-08-03T15:21:52Z logger.go:66:                           + tls               = {
TestTerraformKafkaTopicsExample 2022-08-03T15:21:52Z logger.go:66:                               + directoryPathInContainer = (known after apply)
TestTerraformKafkaTopicsExample 2022-08-03T15:21:52Z logger.go:66:                               + enabled                  = (known after apply)
TestTerraformKafkaTopicsExample 2022-08-03T15:21:52Z logger.go:66:                               + ignoreTrustStoreConfig   = (known after apply)
TestTerraformKafkaTopicsExample 2022-08-03T15:21:52Z logger.go:66:                               + jksPassword              = {
TestTerraformKafkaTopicsExample 2022-08-03T15:21:52Z logger.go:66:                                   + secretRef = (known after apply)
TestTerraformKafkaTopicsExample 2022-08-03T15:21:52Z logger.go:66:                                 }
TestTerraformKafkaTopicsExample 2022-08-03T15:21:52Z logger.go:66:                               + secretRef                = (known after apply)
TestTerraformKafkaTopicsExample 2022-08-03T15:21:52Z logger.go:66:                             }
TestTerraformKafkaTopicsExample 2022-08-03T15:21:52Z logger.go:66:                         }
TestTerraformKafkaTopicsExample 2022-08-03T15:21:52Z logger.go:66:                       + publishMs = (known after apply)
TestTerraformKafkaTopicsExample 2022-08-03T15:21:52Z logger.go:66:                     }
TestTerraformKafkaTopicsExample 2022-08-03T15:21:52Z logger.go:66:                   + kafka          = {
TestTerraformKafkaTopicsExample 2022-08-03T15:21:52Z logger.go:66:                       + authentication    = {
TestTerraformKafkaTopicsExample 2022-08-03T15:21:52Z logger.go:66:                           + jaasConfig            = {
TestTerraformKafkaTopicsExample 2022-08-03T15:21:52Z logger.go:66:                               + secretRef = (known after apply)
TestTerraformKafkaTopicsExample 2022-08-03T15:21:52Z logger.go:66:                             }
TestTerraformKafkaTopicsExample 2022-08-03T15:21:52Z logger.go:66:                           + jaasConfigPassThrough = {
TestTerraformKafkaTopicsExample 2022-08-03T15:21:52Z logger.go:66:                               + directoryPathInContainer = (known after apply)
TestTerraformKafkaTopicsExample 2022-08-03T15:21:52Z logger.go:66:                               + secretRef                = (known after apply)
TestTerraformKafkaTopicsExample 2022-08-03T15:21:52Z logger.go:66:                             }
TestTerraformKafkaTopicsExample 2022-08-03T15:21:52Z logger.go:66:                           + oauthbearer           = {
TestTerraformKafkaTopicsExample 2022-08-03T15:21:52Z logger.go:66:                               + directoryPathInContainer = (known after apply)
TestTerraformKafkaTopicsExample 2022-08-03T15:21:52Z logger.go:66:                               + secretRef                = (known after apply)
TestTerraformKafkaTopicsExample 2022-08-03T15:21:52Z logger.go:66:                             }
TestTerraformKafkaTopicsExample 2022-08-03T15:21:52Z logger.go:66:                           + type                  = (known after apply)
TestTerraformKafkaTopicsExample 2022-08-03T15:21:52Z logger.go:66:                         }
TestTerraformKafkaTopicsExample 2022-08-03T15:21:52Z logger.go:66:                       + bootstrapEndpoint = (known after apply)
TestTerraformKafkaTopicsExample 2022-08-03T15:21:52Z logger.go:66:                       + discovery         = {
TestTerraformKafkaTopicsExample 2022-08-03T15:21:52Z logger.go:66:                           + name      = (known after apply)
TestTerraformKafkaTopicsExample 2022-08-03T15:21:52Z logger.go:66:                           + namespace = (known after apply)
TestTerraformKafkaTopicsExample 2022-08-03T15:21:52Z logger.go:66:                           + secretRef = (known after apply)
TestTerraformKafkaTopicsExample 2022-08-03T15:21:52Z logger.go:66:                         }
TestTerraformKafkaTopicsExample 2022-08-03T15:21:52Z logger.go:66:                       + tls               = {
TestTerraformKafkaTopicsExample 2022-08-03T15:21:52Z logger.go:66:                           + directoryPathInContainer = (known after apply)
TestTerraformKafkaTopicsExample 2022-08-03T15:21:52Z logger.go:66:                           + enabled                  = (known after apply)
TestTerraformKafkaTopicsExample 2022-08-03T15:21:52Z logger.go:66:                           + ignoreTrustStoreConfig   = (known after apply)
TestTerraformKafkaTopicsExample 2022-08-03T15:21:52Z logger.go:66:                           + jksPassword              = {
TestTerraformKafkaTopicsExample 2022-08-03T15:21:52Z logger.go:66:                               + secretRef = (known after apply)
TestTerraformKafkaTopicsExample 2022-08-03T15:21:52Z logger.go:66:                             }
TestTerraformKafkaTopicsExample 2022-08-03T15:21:52Z logger.go:66:                           + secretRef                = (known after apply)
TestTerraformKafkaTopicsExample 2022-08-03T15:21:52Z logger.go:66:                         }
TestTerraformKafkaTopicsExample 2022-08-03T15:21:52Z logger.go:66:                     }
TestTerraformKafkaTopicsExample 2022-08-03T15:21:52Z logger.go:66:                   + mds            = {
TestTerraformKafkaTopicsExample 2022-08-03T15:21:52Z logger.go:66:                       + authentication = {
TestTerraformKafkaTopicsExample 2022-08-03T15:21:52Z logger.go:66:                           + bearer = {
TestTerraformKafkaTopicsExample 2022-08-03T15:21:52Z logger.go:66:                               + directoryPathInContainer = (known after apply)
TestTerraformKafkaTopicsExample 2022-08-03T15:21:52Z logger.go:66:                               + secretRef                = (known after apply)
TestTerraformKafkaTopicsExample 2022-08-03T15:21:52Z logger.go:66:                             }
TestTerraformKafkaTopicsExample 2022-08-03T15:21:52Z logger.go:66:                           + type   = (known after apply)
TestTerraformKafkaTopicsExample 2022-08-03T15:21:52Z logger.go:66:                         }
TestTerraformKafkaTopicsExample 2022-08-03T15:21:52Z logger.go:66:                       + endpoint       = (known after apply)
TestTerraformKafkaTopicsExample 2022-08-03T15:21:52Z logger.go:66:                       + tls            = {
TestTerraformKafkaTopicsExample 2022-08-03T15:21:52Z logger.go:66:                           + directoryPathInContainer = (known after apply)
TestTerraformKafkaTopicsExample 2022-08-03T15:21:52Z logger.go:66:                           + enabled                  = (known after apply)
TestTerraformKafkaTopicsExample 2022-08-03T15:21:52Z logger.go:66:                           + ignoreTrustStoreConfig   = (known after apply)
TestTerraformKafkaTopicsExample 2022-08-03T15:21:52Z logger.go:66:                           + jksPassword              = {
TestTerraformKafkaTopicsExample 2022-08-03T15:21:52Z logger.go:66:                               + secretRef = (known after apply)
TestTerraformKafkaTopicsExample 2022-08-03T15:21:52Z logger.go:66:                             }
TestTerraformKafkaTopicsExample 2022-08-03T15:21:52Z logger.go:66:                           + secretRef                = (known after apply)
TestTerraformKafkaTopicsExample 2022-08-03T15:21:52Z logger.go:66:                         }
TestTerraformKafkaTopicsExample 2022-08-03T15:21:52Z logger.go:66:                       + tokenKeyPair   = {
TestTerraformKafkaTopicsExample 2022-08-03T15:21:52Z logger.go:66:                           + directoryPathInContainer = (known after apply)
TestTerraformKafkaTopicsExample 2022-08-03T15:21:52Z logger.go:66:                           + secretRef                = (known after apply)
TestTerraformKafkaTopicsExample 2022-08-03T15:21:52Z logger.go:66:                         }
TestTerraformKafkaTopicsExample 2022-08-03T15:21:52Z logger.go:66:                     }
TestTerraformKafkaTopicsExample 2022-08-03T15:21:52Z logger.go:66:                   + schemaRegistry = {
TestTerraformKafkaTopicsExample 2022-08-03T15:21:52Z logger.go:66:                       + authentication = {
TestTerraformKafkaTopicsExample 2022-08-03T15:21:52Z logger.go:66:                           + basic = {
TestTerraformKafkaTopicsExample 2022-08-03T15:21:52Z logger.go:66:                               + debug                    = (known after apply)
TestTerraformKafkaTopicsExample 2022-08-03T15:21:52Z logger.go:66:                               + directoryPathInContainer = (known after apply)
TestTerraformKafkaTopicsExample 2022-08-03T15:21:52Z logger.go:66:                               + restrictedRoles          = (known after apply)
TestTerraformKafkaTopicsExample 2022-08-03T15:21:52Z logger.go:66:                               + roles                    = (known after apply)
TestTerraformKafkaTopicsExample 2022-08-03T15:21:52Z logger.go:66:                               + secretRef                = (known after apply)
TestTerraformKafkaTopicsExample 2022-08-03T15:21:52Z logger.go:66:                             }
TestTerraformKafkaTopicsExample 2022-08-03T15:21:52Z logger.go:66:                           + type  = (known after apply)
TestTerraformKafkaTopicsExample 2022-08-03T15:21:52Z logger.go:66:                         }
TestTerraformKafkaTopicsExample 2022-08-03T15:21:52Z logger.go:66:                       + tls            = {
TestTerraformKafkaTopicsExample 2022-08-03T15:21:52Z logger.go:66:                           + directoryPathInContainer = (known after apply)
TestTerraformKafkaTopicsExample 2022-08-03T15:21:52Z logger.go:66:                           + enabled                  = (known after apply)
TestTerraformKafkaTopicsExample 2022-08-03T15:21:52Z logger.go:66:                           + ignoreTrustStoreConfig   = (known after apply)
TestTerraformKafkaTopicsExample 2022-08-03T15:21:52Z logger.go:66:                           + jksPassword              = {
TestTerraformKafkaTopicsExample 2022-08-03T15:21:52Z logger.go:66:                               + secretRef = (known after apply)
TestTerraformKafkaTopicsExample 2022-08-03T15:21:52Z logger.go:66:                             }
TestTerraformKafkaTopicsExample 2022-08-03T15:21:52Z logger.go:66:                           + secretRef                = (known after apply)
TestTerraformKafkaTopicsExample 2022-08-03T15:21:52Z logger.go:66:                         }
TestTerraformKafkaTopicsExample 2022-08-03T15:21:52Z logger.go:66:                       + url            = (known after apply)
TestTerraformKafkaTopicsExample 2022-08-03T15:21:52Z logger.go:66:                     }
TestTerraformKafkaTopicsExample 2022-08-03T15:21:52Z logger.go:66:                 }
TestTerraformKafkaTopicsExample 2022-08-03T15:21:52Z logger.go:66:               + externalAccess                 = {
TestTerraformKafkaTopicsExample 2022-08-03T15:21:52Z logger.go:66:                   + loadBalancer = {
TestTerraformKafkaTopicsExample 2022-08-03T15:21:52Z logger.go:66:                       + advertisedURL            = {
TestTerraformKafkaTopicsExample 2022-08-03T15:21:52Z logger.go:66:                           + enabled = (known after apply)
TestTerraformKafkaTopicsExample 2022-08-03T15:21:52Z logger.go:66:                           + prefix  = (known after apply)
TestTerraformKafkaTopicsExample 2022-08-03T15:21:52Z logger.go:66:                         }
TestTerraformKafkaTopicsExample 2022-08-03T15:21:52Z logger.go:66:                       + annotations              = (known after apply)
TestTerraformKafkaTopicsExample 2022-08-03T15:21:52Z logger.go:66:                       + domain                   = (known after apply)
TestTerraformKafkaTopicsExample 2022-08-03T15:21:52Z logger.go:66:                       + externalTrafficPolicy    = (known after apply)
TestTerraformKafkaTopicsExample 2022-08-03T15:21:52Z logger.go:66:                       + labels                   = (known after apply)
TestTerraformKafkaTopicsExample 2022-08-03T15:21:52Z logger.go:66:                       + loadBalancerSourceRanges = (known after apply)
TestTerraformKafkaTopicsExample 2022-08-03T15:21:52Z logger.go:66:                       + port                     = (known after apply)
TestTerraformKafkaTopicsExample 2022-08-03T15:21:52Z logger.go:66:                       + prefix                   = (known after apply)
TestTerraformKafkaTopicsExample 2022-08-03T15:21:52Z logger.go:66:                       + servicePorts             = (known after apply)
TestTerraformKafkaTopicsExample 2022-08-03T15:21:52Z logger.go:66:                       + sessionAffinity          = (known after apply)
TestTerraformKafkaTopicsExample 2022-08-03T15:21:52Z logger.go:66:                       + sessionAffinityConfig    = {
TestTerraformKafkaTopicsExample 2022-08-03T15:21:52Z logger.go:66:                           + clientIP = {
TestTerraformKafkaTopicsExample 2022-08-03T15:21:52Z logger.go:66:                               + timeoutSeconds = (known after apply)
TestTerraformKafkaTopicsExample 2022-08-03T15:21:52Z logger.go:66:                             }
TestTerraformKafkaTopicsExample 2022-08-03T15:21:52Z logger.go:66:                         }
TestTerraformKafkaTopicsExample 2022-08-03T15:21:52Z logger.go:66:                     }
TestTerraformKafkaTopicsExample 2022-08-03T15:21:52Z logger.go:66:                   + nodePort     = {
TestTerraformKafkaTopicsExample 2022-08-03T15:21:52Z logger.go:66:                       + advertisedURL         = {
TestTerraformKafkaTopicsExample 2022-08-03T15:21:52Z logger.go:66:                           + enabled = (known after apply)
TestTerraformKafkaTopicsExample 2022-08-03T15:21:52Z logger.go:66:                           + prefix  = (known after apply)
TestTerraformKafkaTopicsExample 2022-08-03T15:21:52Z logger.go:66:                         }
TestTerraformKafkaTopicsExample 2022-08-03T15:21:52Z logger.go:66:                       + annotations           = (known after apply)
TestTerraformKafkaTopicsExample 2022-08-03T15:21:52Z logger.go:66:                       + externalTrafficPolicy = (known after apply)
TestTerraformKafkaTopicsExample 2022-08-03T15:21:52Z logger.go:66:                       + host                  = (known after apply)
TestTerraformKafkaTopicsExample 2022-08-03T15:21:52Z logger.go:66:                       + labels                = (known after apply)
TestTerraformKafkaTopicsExample 2022-08-03T15:21:52Z logger.go:66:                       + nodePortOffset        = (known after apply)
TestTerraformKafkaTopicsExample 2022-08-03T15:21:52Z logger.go:66:                       + servicePorts          = (known after apply)
TestTerraformKafkaTopicsExample 2022-08-03T15:21:52Z logger.go:66:                       + sessionAffinity       = (known after apply)
TestTerraformKafkaTopicsExample 2022-08-03T15:21:52Z logger.go:66:                       + sessionAffinityConfig = {
TestTerraformKafkaTopicsExample 2022-08-03T15:21:52Z logger.go:66:                           + clientIP = {
TestTerraformKafkaTopicsExample 2022-08-03T15:21:52Z logger.go:66:                               + timeoutSeconds = (known after apply)
TestTerraformKafkaTopicsExample 2022-08-03T15:21:52Z logger.go:66:                             }
TestTerraformKafkaTopicsExample 2022-08-03T15:21:52Z logger.go:66:                         }
TestTerraformKafkaTopicsExample 2022-08-03T15:21:52Z logger.go:66:                     }
TestTerraformKafkaTopicsExample 2022-08-03T15:21:52Z logger.go:66:                   + route        = {
TestTerraformKafkaTopicsExample 2022-08-03T15:21:52Z logger.go:66:                       + annotations    = (known after apply)
TestTerraformKafkaTopicsExample 2022-08-03T15:21:52Z logger.go:66:                       + domain         = (known after apply)
TestTerraformKafkaTopicsExample 2022-08-03T15:21:52Z logger.go:66:                       + labels         = (known after apply)
TestTerraformKafkaTopicsExample 2022-08-03T15:21:52Z logger.go:66:                       + prefix         = (known after apply)
TestTerraformKafkaTopicsExample 2022-08-03T15:21:52Z logger.go:66:                       + wildcardPolicy = (known after apply)
TestTerraformKafkaTopicsExample 2022-08-03T15:21:52Z logger.go:66:                     }
TestTerraformKafkaTopicsExample 2022-08-03T15:21:52Z logger.go:66:                   + type         = (known after apply)
TestTerraformKafkaTopicsExample 2022-08-03T15:21:52Z logger.go:66:                 }
TestTerraformKafkaTopicsExample 2022-08-03T15:21:52Z logger.go:66:               + headlessService                = {
TestTerraformKafkaTopicsExample 2022-08-03T15:21:52Z logger.go:66:                   + annotations              = (known after apply)
TestTerraformKafkaTopicsExample 2022-08-03T15:21:52Z logger.go:66:                   + labels                   = (known after apply)
TestTerraformKafkaTopicsExample 2022-08-03T15:21:52Z logger.go:66:                   + publishNotReadyAddresses = (known after apply)
TestTerraformKafkaTopicsExample 2022-08-03T15:21:52Z logger.go:66:                 }
TestTerraformKafkaTopicsExample 2022-08-03T15:21:52Z logger.go:66:               + image                          = {
TestTerraformKafkaTopicsExample 2022-08-03T15:21:52Z logger.go:66:                   + application   = "confluentinc/cp-ksqldb-server:7.2.0"
TestTerraformKafkaTopicsExample 2022-08-03T15:21:52Z logger.go:66:                   + init          = "confluentinc/confluent-init-container:2.4.0"
TestTerraformKafkaTopicsExample 2022-08-03T15:21:52Z logger.go:66:                   + pullPolicy    = (known after apply)
TestTerraformKafkaTopicsExample 2022-08-03T15:21:52Z logger.go:66:                   + pullSecretRef = (known after apply)
TestTerraformKafkaTopicsExample 2022-08-03T15:21:52Z logger.go:66:                 }
TestTerraformKafkaTopicsExample 2022-08-03T15:21:52Z logger.go:66:               + injectAnnotations              = (known after apply)
TestTerraformKafkaTopicsExample 2022-08-03T15:21:52Z logger.go:66:               + injectLabels                   = (known after apply)
TestTerraformKafkaTopicsExample 2022-08-03T15:21:52Z logger.go:66:               + internalTopicReplicationFactor = (known after apply)
TestTerraformKafkaTopicsExample 2022-08-03T15:21:52Z logger.go:66:               + k8sClusterDomain               = (known after apply)
TestTerraformKafkaTopicsExample 2022-08-03T15:21:52Z logger.go:66:               + license                        = {
TestTerraformKafkaTopicsExample 2022-08-03T15:21:52Z logger.go:66:                   + directoryPathInContainer = (known after apply)
TestTerraformKafkaTopicsExample 2022-08-03T15:21:52Z logger.go:66:                   + globalLicense            = (known after apply)
TestTerraformKafkaTopicsExample 2022-08-03T15:21:52Z logger.go:66:                   + secretRef                = (known after apply)
TestTerraformKafkaTopicsExample 2022-08-03T15:21:52Z logger.go:66:                 }
TestTerraformKafkaTopicsExample 2022-08-03T15:21:52Z logger.go:66:               + metrics                        = {
TestTerraformKafkaTopicsExample 2022-08-03T15:21:52Z logger.go:66:                   + authentication = {
TestTerraformKafkaTopicsExample 2022-08-03T15:21:52Z logger.go:66:                       + type = (known after apply)
TestTerraformKafkaTopicsExample 2022-08-03T15:21:52Z logger.go:66:                     }
TestTerraformKafkaTopicsExample 2022-08-03T15:21:52Z logger.go:66:                   + prometheus     = {
TestTerraformKafkaTopicsExample 2022-08-03T15:21:52Z logger.go:66:                       + blacklist = (known after apply)
TestTerraformKafkaTopicsExample 2022-08-03T15:21:52Z logger.go:66:                       + rules     = (known after apply)
TestTerraformKafkaTopicsExample 2022-08-03T15:21:52Z logger.go:66:                       + whitelist = (known after apply)
TestTerraformKafkaTopicsExample 2022-08-03T15:21:52Z logger.go:66:                     }
TestTerraformKafkaTopicsExample 2022-08-03T15:21:52Z logger.go:66:                   + tls            = {
TestTerraformKafkaTopicsExample 2022-08-03T15:21:52Z logger.go:66:                       + directoryPathInContainer = (known after apply)
TestTerraformKafkaTopicsExample 2022-08-03T15:21:52Z logger.go:66:                       + enabled                  = (known after apply)
TestTerraformKafkaTopicsExample 2022-08-03T15:21:52Z logger.go:66:                       + ignoreTrustStoreConfig   = (known after apply)
TestTerraformKafkaTopicsExample 2022-08-03T15:21:52Z logger.go:66:                       + jksPassword              = {
TestTerraformKafkaTopicsExample 2022-08-03T15:21:52Z logger.go:66:                           + secretRef = (known after apply)
TestTerraformKafkaTopicsExample 2022-08-03T15:21:52Z logger.go:66:                         }
TestTerraformKafkaTopicsExample 2022-08-03T15:21:52Z logger.go:66:                       + secretRef                = (known after apply)
TestTerraformKafkaTopicsExample 2022-08-03T15:21:52Z logger.go:66:                     }
TestTerraformKafkaTopicsExample 2022-08-03T15:21:52Z logger.go:66:                 }
TestTerraformKafkaTopicsExample 2022-08-03T15:21:52Z logger.go:66:               + mountedSecrets                 = (known after apply)
TestTerraformKafkaTopicsExample 2022-08-03T15:21:52Z logger.go:66:               + mountedVolumes                 = {
TestTerraformKafkaTopicsExample 2022-08-03T15:21:52Z logger.go:66:                   + volumeMounts = (known after apply)
TestTerraformKafkaTopicsExample 2022-08-03T15:21:52Z logger.go:66:                   + volumes      = (known after apply)
TestTerraformKafkaTopicsExample 2022-08-03T15:21:52Z logger.go:66:                 }
TestTerraformKafkaTopicsExample 2022-08-03T15:21:52Z logger.go:66:               + oneReplicaPerNode              = (known after apply)
TestTerraformKafkaTopicsExample 2022-08-03T15:21:52Z logger.go:66:               + podTemplate                    = {
TestTerraformKafkaTopicsExample 2022-08-03T15:21:52Z logger.go:66:                   + affinity                      = {
TestTerraformKafkaTopicsExample 2022-08-03T15:21:52Z logger.go:66:                       + nodeAffinity    = {
TestTerraformKafkaTopicsExample 2022-08-03T15:21:52Z logger.go:66:                           + preferredDuringSchedulingIgnoredDuringExecution = (known after apply)
TestTerraformKafkaTopicsExample 2022-08-03T15:21:52Z logger.go:66:                           + requiredDuringSchedulingIgnoredDuringExecution  = {
TestTerraformKafkaTopicsExample 2022-08-03T15:21:52Z logger.go:66:                               + nodeSelectorTerms = (known after apply)
TestTerraformKafkaTopicsExample 2022-08-03T15:21:52Z logger.go:66:                             }
TestTerraformKafkaTopicsExample 2022-08-03T15:21:52Z logger.go:66:                         }
TestTerraformKafkaTopicsExample 2022-08-03T15:21:52Z logger.go:66:                       + podAffinity     = {
TestTerraformKafkaTopicsExample 2022-08-03T15:21:52Z logger.go:66:                           + preferredDuringSchedulingIgnoredDuringExecution = (known after apply)
TestTerraformKafkaTopicsExample 2022-08-03T15:21:52Z logger.go:66:                           + requiredDuringSchedulingIgnoredDuringExecution  = (known after apply)
TestTerraformKafkaTopicsExample 2022-08-03T15:21:52Z logger.go:66:                         }
TestTerraformKafkaTopicsExample 2022-08-03T15:21:52Z logger.go:66:                       + podAntiAffinity = {
TestTerraformKafkaTopicsExample 2022-08-03T15:21:52Z logger.go:66:                           + preferredDuringSchedulingIgnoredDuringExecution = (known after apply)
TestTerraformKafkaTopicsExample 2022-08-03T15:21:52Z logger.go:66:                           + requiredDuringSchedulingIgnoredDuringExecution  = (known after apply)
TestTerraformKafkaTopicsExample 2022-08-03T15:21:52Z logger.go:66:                         }
TestTerraformKafkaTopicsExample 2022-08-03T15:21:52Z logger.go:66:                     }
TestTerraformKafkaTopicsExample 2022-08-03T15:21:52Z logger.go:66:                   + annotations                   = (known after apply)
TestTerraformKafkaTopicsExample 2022-08-03T15:21:52Z logger.go:66:                   + envVars                       = (known after apply)
TestTerraformKafkaTopicsExample 2022-08-03T15:21:52Z logger.go:66:                   + labels                        = (known after apply)
TestTerraformKafkaTopicsExample 2022-08-03T15:21:52Z logger.go:66:                   + podSecurityContext            = {
TestTerraformKafkaTopicsExample 2022-08-03T15:21:52Z logger.go:66:                       + fsGroup             = (known after apply)
TestTerraformKafkaTopicsExample 2022-08-03T15:21:52Z logger.go:66:                       + fsGroupChangePolicy = (known after apply)
TestTerraformKafkaTopicsExample 2022-08-03T15:21:52Z logger.go:66:                       + runAsGroup          = (known after apply)
TestTerraformKafkaTopicsExample 2022-08-03T15:21:52Z logger.go:66:                       + runAsNonRoot        = (known after apply)
TestTerraformKafkaTopicsExample 2022-08-03T15:21:52Z logger.go:66:                       + runAsUser           = (known after apply)
TestTerraformKafkaTopicsExample 2022-08-03T15:21:52Z logger.go:66:                       + seLinuxOptions      = {
TestTerraformKafkaTopicsExample 2022-08-03T15:21:52Z logger.go:66:                           + level = (known after apply)
TestTerraformKafkaTopicsExample 2022-08-03T15:21:52Z logger.go:66:                           + role  = (known after apply)
TestTerraformKafkaTopicsExample 2022-08-03T15:21:52Z logger.go:66:                           + type  = (known after apply)
TestTerraformKafkaTopicsExample 2022-08-03T15:21:52Z logger.go:66:                           + user  = (known after apply)
TestTerraformKafkaTopicsExample 2022-08-03T15:21:52Z logger.go:66:                         }
TestTerraformKafkaTopicsExample 2022-08-03T15:21:52Z logger.go:66:                       + seccompProfile      = {
TestTerraformKafkaTopicsExample 2022-08-03T15:21:52Z logger.go:66:                           + localhostProfile = (known after apply)
TestTerraformKafkaTopicsExample 2022-08-03T15:21:52Z logger.go:66:                           + type             = (known after apply)
TestTerraformKafkaTopicsExample 2022-08-03T15:21:52Z logger.go:66:                         }
TestTerraformKafkaTopicsExample 2022-08-03T15:21:52Z logger.go:66:                       + supplementalGroups  = (known after apply)
TestTerraformKafkaTopicsExample 2022-08-03T15:21:52Z logger.go:66:                       + sysctls             = (known after apply)
TestTerraformKafkaTopicsExample 2022-08-03T15:21:52Z logger.go:66:                       + windowsOptions      = {
TestTerraformKafkaTopicsExample 2022-08-03T15:21:52Z logger.go:66:                           + gmsaCredentialSpec     = (known after apply)
TestTerraformKafkaTopicsExample 2022-08-03T15:21:52Z logger.go:66:                           + gmsaCredentialSpecName = (known after apply)
TestTerraformKafkaTopicsExample 2022-08-03T15:21:52Z logger.go:66:                           + hostProcess            = (known after apply)
TestTerraformKafkaTopicsExample 2022-08-03T15:21:52Z logger.go:66:                           + runAsUserName          = (known after apply)
TestTerraformKafkaTopicsExample 2022-08-03T15:21:52Z logger.go:66:                         }
TestTerraformKafkaTopicsExample 2022-08-03T15:21:52Z logger.go:66:                     }
TestTerraformKafkaTopicsExample 2022-08-03T15:21:52Z logger.go:66:                   + priorityClassName             = (known after apply)
TestTerraformKafkaTopicsExample 2022-08-03T15:21:52Z logger.go:66:                   + probe                         = {
TestTerraformKafkaTopicsExample 2022-08-03T15:21:52Z logger.go:66:                       + liveness  = {
TestTerraformKafkaTopicsExample 2022-08-03T15:21:52Z logger.go:66:                           + failureThreshold    = (known after apply)
TestTerraformKafkaTopicsExample 2022-08-03T15:21:52Z logger.go:66:                           + initialDelaySeconds = (known after apply)
TestTerraformKafkaTopicsExample 2022-08-03T15:21:52Z logger.go:66:                           + periodSeconds       = (known after apply)
TestTerraformKafkaTopicsExample 2022-08-03T15:21:52Z logger.go:66:                           + successThreshold    = (known after apply)
TestTerraformKafkaTopicsExample 2022-08-03T15:21:52Z logger.go:66:                           + timeoutSeconds      = (known after apply)
TestTerraformKafkaTopicsExample 2022-08-03T15:21:52Z logger.go:66:                         }
TestTerraformKafkaTopicsExample 2022-08-03T15:21:52Z logger.go:66:                       + readiness = {
TestTerraformKafkaTopicsExample 2022-08-03T15:21:52Z logger.go:66:                           + failureThreshold    = (known after apply)
TestTerraformKafkaTopicsExample 2022-08-03T15:21:52Z logger.go:66:                           + initialDelaySeconds = (known after apply)
TestTerraformKafkaTopicsExample 2022-08-03T15:21:52Z logger.go:66:                           + periodSeconds       = (known after apply)
TestTerraformKafkaTopicsExample 2022-08-03T15:21:52Z logger.go:66:                           + successThreshold    = (known after apply)
TestTerraformKafkaTopicsExample 2022-08-03T15:21:52Z logger.go:66:                           + timeoutSeconds      = (known after apply)
TestTerraformKafkaTopicsExample 2022-08-03T15:21:52Z logger.go:66:                         }
TestTerraformKafkaTopicsExample 2022-08-03T15:21:52Z logger.go:66:                     }
TestTerraformKafkaTopicsExample 2022-08-03T15:21:52Z logger.go:66:                   + resources                     = {
TestTerraformKafkaTopicsExample 2022-08-03T15:21:52Z logger.go:66:                       + limits   = (known after apply)
TestTerraformKafkaTopicsExample 2022-08-03T15:21:52Z logger.go:66:                       + requests = (known after apply)
TestTerraformKafkaTopicsExample 2022-08-03T15:21:52Z logger.go:66:                     }
TestTerraformKafkaTopicsExample 2022-08-03T15:21:52Z logger.go:66:                   + securityContext               = {
TestTerraformKafkaTopicsExample 2022-08-03T15:21:52Z logger.go:66:                       + allowPrivilegeEscalation = (known after apply)
TestTerraformKafkaTopicsExample 2022-08-03T15:21:52Z logger.go:66:                       + capabilities             = {
TestTerraformKafkaTopicsExample 2022-08-03T15:21:52Z logger.go:66:                           + add  = (known after apply)
TestTerraformKafkaTopicsExample 2022-08-03T15:21:52Z logger.go:66:                           + drop = (known after apply)
TestTerraformKafkaTopicsExample 2022-08-03T15:21:52Z logger.go:66:                         }
TestTerraformKafkaTopicsExample 2022-08-03T15:21:52Z logger.go:66:                       + privileged               = (known after apply)
TestTerraformKafkaTopicsExample 2022-08-03T15:21:52Z logger.go:66:                       + procMount                = (known after apply)
TestTerraformKafkaTopicsExample 2022-08-03T15:21:52Z logger.go:66:                       + readOnlyRootFilesystem   = (known after apply)
TestTerraformKafkaTopicsExample 2022-08-03T15:21:52Z logger.go:66:                       + runAsGroup               = (known after apply)
TestTerraformKafkaTopicsExample 2022-08-03T15:21:52Z logger.go:66:                       + runAsNonRoot             = (known after apply)
TestTerraformKafkaTopicsExample 2022-08-03T15:21:52Z logger.go:66:                       + runAsUser                = (known after apply)
TestTerraformKafkaTopicsExample 2022-08-03T15:21:52Z logger.go:66:                       + seLinuxOptions           = {
TestTerraformKafkaTopicsExample 2022-08-03T15:21:52Z logger.go:66:                           + level = (known after apply)
TestTerraformKafkaTopicsExample 2022-08-03T15:21:52Z logger.go:66:                           + role  = (known after apply)
TestTerraformKafkaTopicsExample 2022-08-03T15:21:52Z logger.go:66:                           + type  = (known after apply)
TestTerraformKafkaTopicsExample 2022-08-03T15:21:52Z logger.go:66:                           + user  = (known after apply)
TestTerraformKafkaTopicsExample 2022-08-03T15:21:52Z logger.go:66:                         }
TestTerraformKafkaTopicsExample 2022-08-03T15:21:52Z logger.go:66:                       + seccompProfile           = {
TestTerraformKafkaTopicsExample 2022-08-03T15:21:52Z logger.go:66:                           + localhostProfile = (known after apply)
TestTerraformKafkaTopicsExample 2022-08-03T15:21:52Z logger.go:66:                           + type             = (known after apply)
TestTerraformKafkaTopicsExample 2022-08-03T15:21:52Z logger.go:66:                         }
TestTerraformKafkaTopicsExample 2022-08-03T15:21:52Z logger.go:66:                       + windowsOptions           = {
TestTerraformKafkaTopicsExample 2022-08-03T15:21:52Z logger.go:66:                           + gmsaCredentialSpec     = (known after apply)
TestTerraformKafkaTopicsExample 2022-08-03T15:21:52Z logger.go:66:                           + gmsaCredentialSpecName = (known after apply)
TestTerraformKafkaTopicsExample 2022-08-03T15:21:52Z logger.go:66:                           + hostProcess            = (known after apply)
TestTerraformKafkaTopicsExample 2022-08-03T15:21:52Z logger.go:66:                           + runAsUserName          = (known after apply)
TestTerraformKafkaTopicsExample 2022-08-03T15:21:52Z logger.go:66:                         }
TestTerraformKafkaTopicsExample 2022-08-03T15:21:52Z logger.go:66:                     }
TestTerraformKafkaTopicsExample 2022-08-03T15:21:52Z logger.go:66:                   + serviceAccountName            = (known after apply)
TestTerraformKafkaTopicsExample 2022-08-03T15:21:52Z logger.go:66:                   + terminationGracePeriodSeconds = (known after apply)
TestTerraformKafkaTopicsExample 2022-08-03T15:21:52Z logger.go:66:                   + tolerations                   = (known after apply)
TestTerraformKafkaTopicsExample 2022-08-03T15:21:52Z logger.go:66:                   + topologySpreadConstraints     = (known after apply)
TestTerraformKafkaTopicsExample 2022-08-03T15:21:52Z logger.go:66:                 }
TestTerraformKafkaTopicsExample 2022-08-03T15:21:52Z logger.go:66:               + replicas                       = 1
TestTerraformKafkaTopicsExample 2022-08-03T15:21:52Z logger.go:66:               + storageClass                   = {
TestTerraformKafkaTopicsExample 2022-08-03T15:21:52Z logger.go:66:                   + name = (known after apply)
TestTerraformKafkaTopicsExample 2022-08-03T15:21:52Z logger.go:66:                 }
TestTerraformKafkaTopicsExample 2022-08-03T15:21:52Z logger.go:66:               + telemetry                      = {
TestTerraformKafkaTopicsExample 2022-08-03T15:21:52Z logger.go:66:                   + global = (known after apply)
TestTerraformKafkaTopicsExample 2022-08-03T15:21:52Z logger.go:66:                 }
TestTerraformKafkaTopicsExample 2022-08-03T15:21:52Z logger.go:66:               + tls                            = {
TestTerraformKafkaTopicsExample 2022-08-03T15:21:52Z logger.go:66:                   + autoGeneratedCerts       = (known after apply)
TestTerraformKafkaTopicsExample 2022-08-03T15:21:52Z logger.go:66:                   + directoryPathInContainer = (known after apply)
TestTerraformKafkaTopicsExample 2022-08-03T15:21:52Z logger.go:66:                   + ignoreTrustStoreConfig   = (known after apply)
TestTerraformKafkaTopicsExample 2022-08-03T15:21:52Z logger.go:66:                   + jksPassword              = {
TestTerraformKafkaTopicsExample 2022-08-03T15:21:52Z logger.go:66:                       + secretRef = (known after apply)
TestTerraformKafkaTopicsExample 2022-08-03T15:21:52Z logger.go:66:                     }
TestTerraformKafkaTopicsExample 2022-08-03T15:21:52Z logger.go:66:                   + secretRef                = (known after apply)
TestTerraformKafkaTopicsExample 2022-08-03T15:21:52Z logger.go:66:                 }
TestTerraformKafkaTopicsExample 2022-08-03T15:21:52Z logger.go:66:             }
TestTerraformKafkaTopicsExample 2022-08-03T15:21:52Z logger.go:66:         }
TestTerraformKafkaTopicsExample 2022-08-03T15:21:52Z logger.go:66:
TestTerraformKafkaTopicsExample 2022-08-03T15:21:52Z logger.go:66:       + timeouts {
TestTerraformKafkaTopicsExample 2022-08-03T15:21:52Z logger.go:66:           + create = "1h"
TestTerraformKafkaTopicsExample 2022-08-03T15:21:52Z logger.go:66:           + delete = "10m"
TestTerraformKafkaTopicsExample 2022-08-03T15:21:52Z logger.go:66:           + update = "1h"
TestTerraformKafkaTopicsExample 2022-08-03T15:21:52Z logger.go:66:         }
TestTerraformKafkaTopicsExample 2022-08-03T15:21:52Z logger.go:66:
TestTerraformKafkaTopicsExample 2022-08-03T15:21:52Z logger.go:66:       + wait {
TestTerraformKafkaTopicsExample 2022-08-03T15:21:52Z logger.go:66:           + fields = {
TestTerraformKafkaTopicsExample 2022-08-03T15:21:52Z logger.go:66:               + "status.phase" = "RUNNING"
TestTerraformKafkaTopicsExample 2022-08-03T15:21:52Z logger.go:66:             }
TestTerraformKafkaTopicsExample 2022-08-03T15:21:52Z logger.go:66:         }
TestTerraformKafkaTopicsExample 2022-08-03T15:21:52Z logger.go:66:     }
TestTerraformKafkaTopicsExample 2022-08-03T15:21:52Z logger.go:66:
TestTerraformKafkaTopicsExample 2022-08-03T15:21:52Z logger.go:66:   # module.confluent_platform.module.confluent_platform.kubernetes_manifest.components["schemaregistry"] will be created
TestTerraformKafkaTopicsExample 2022-08-03T15:21:52Z logger.go:66:   + resource "kubernetes_manifest" "components" {
TestTerraformKafkaTopicsExample 2022-08-03T15:21:52Z logger.go:66:       + computed_fields = [
TestTerraformKafkaTopicsExample 2022-08-03T15:21:52Z logger.go:66:           + "metadata.finalizers",
TestTerraformKafkaTopicsExample 2022-08-03T15:21:52Z logger.go:66:         ]
TestTerraformKafkaTopicsExample 2022-08-03T15:21:52Z logger.go:66:       + manifest        = {
TestTerraformKafkaTopicsExample 2022-08-03T15:21:52Z logger.go:66:           + apiVersion = "platform.confluent.io/v1beta1"
TestTerraformKafkaTopicsExample 2022-08-03T15:21:52Z logger.go:66:           + kind       = "SchemaRegistry"
TestTerraformKafkaTopicsExample 2022-08-03T15:21:52Z logger.go:66:           + metadata   = {
TestTerraformKafkaTopicsExample 2022-08-03T15:21:52Z logger.go:66:               + name      = "schemaregistry"
TestTerraformKafkaTopicsExample 2022-08-03T15:21:52Z logger.go:66:               + namespace = "confluent"
TestTerraformKafkaTopicsExample 2022-08-03T15:21:52Z logger.go:66:             }
TestTerraformKafkaTopicsExample 2022-08-03T15:21:52Z logger.go:66:           + spec       = {
TestTerraformKafkaTopicsExample 2022-08-03T15:21:52Z logger.go:66:               + image    = {
TestTerraformKafkaTopicsExample 2022-08-03T15:21:52Z logger.go:66:                   + application = "confluentinc/cp-schema-registry:7.2.0"
TestTerraformKafkaTopicsExample 2022-08-03T15:21:52Z logger.go:66:                   + init        = "confluentinc/confluent-init-container:2.4.0"
TestTerraformKafkaTopicsExample 2022-08-03T15:21:52Z logger.go:66:                 }
TestTerraformKafkaTopicsExample 2022-08-03T15:21:52Z logger.go:66:               + replicas = 3
TestTerraformKafkaTopicsExample 2022-08-03T15:21:52Z logger.go:66:             }
TestTerraformKafkaTopicsExample 2022-08-03T15:21:52Z logger.go:66:         }
TestTerraformKafkaTopicsExample 2022-08-03T15:21:52Z logger.go:66:       + object          = {
TestTerraformKafkaTopicsExample 2022-08-03T15:21:52Z logger.go:66:           + apiVersion = "platform.confluent.io/v1beta1"
TestTerraformKafkaTopicsExample 2022-08-03T15:21:52Z logger.go:66:           + kind       = "SchemaRegistry"
TestTerraformKafkaTopicsExample 2022-08-03T15:21:52Z logger.go:66:           + metadata   = {
TestTerraformKafkaTopicsExample 2022-08-03T15:21:52Z logger.go:66:               + annotations                = (known after apply)
TestTerraformKafkaTopicsExample 2022-08-03T15:21:52Z logger.go:66:               + clusterName                = (known after apply)
TestTerraformKafkaTopicsExample 2022-08-03T15:21:52Z logger.go:66:               + creationTimestamp          = (known after apply)
TestTerraformKafkaTopicsExample 2022-08-03T15:21:52Z logger.go:66:               + deletionGracePeriodSeconds = (known after apply)
TestTerraformKafkaTopicsExample 2022-08-03T15:21:52Z logger.go:66:               + deletionTimestamp          = (known after apply)
TestTerraformKafkaTopicsExample 2022-08-03T15:21:52Z logger.go:66:               + finalizers                 = (known after apply)
TestTerraformKafkaTopicsExample 2022-08-03T15:21:52Z logger.go:66:               + generateName               = (known after apply)
TestTerraformKafkaTopicsExample 2022-08-03T15:21:52Z logger.go:66:               + generation                 = (known after apply)
TestTerraformKafkaTopicsExample 2022-08-03T15:21:52Z logger.go:66:               + labels                     = (known after apply)
TestTerraformKafkaTopicsExample 2022-08-03T15:21:52Z logger.go:66:               + managedFields              = (known after apply)
TestTerraformKafkaTopicsExample 2022-08-03T15:21:52Z logger.go:66:               + name                       = "schemaregistry"
TestTerraformKafkaTopicsExample 2022-08-03T15:21:52Z logger.go:66:               + namespace                  = "confluent"
TestTerraformKafkaTopicsExample 2022-08-03T15:21:52Z logger.go:66:               + ownerReferences            = (known after apply)
TestTerraformKafkaTopicsExample 2022-08-03T15:21:52Z logger.go:66:               + resourceVersion            = (known after apply)
TestTerraformKafkaTopicsExample 2022-08-03T15:21:52Z logger.go:66:               + selfLink                   = (known after apply)
TestTerraformKafkaTopicsExample 2022-08-03T15:21:52Z logger.go:66:               + uid                        = (known after apply)
TestTerraformKafkaTopicsExample 2022-08-03T15:21:52Z logger.go:66:             }
TestTerraformKafkaTopicsExample 2022-08-03T15:21:52Z logger.go:66:           + spec       = {
TestTerraformKafkaTopicsExample 2022-08-03T15:21:52Z logger.go:66:               + authentication                = {
TestTerraformKafkaTopicsExample 2022-08-03T15:21:52Z logger.go:66:                   + basic = {
TestTerraformKafkaTopicsExample 2022-08-03T15:21:52Z logger.go:66:                       + debug                    = (known after apply)
TestTerraformKafkaTopicsExample 2022-08-03T15:21:52Z logger.go:66:                       + directoryPathInContainer = (known after apply)
TestTerraformKafkaTopicsExample 2022-08-03T15:21:52Z logger.go:66:                       + restrictedRoles          = (known after apply)
TestTerraformKafkaTopicsExample 2022-08-03T15:21:52Z logger.go:66:                       + roles                    = (known after apply)
TestTerraformKafkaTopicsExample 2022-08-03T15:21:52Z logger.go:66:                       + secretRef                = (known after apply)
TestTerraformKafkaTopicsExample 2022-08-03T15:21:52Z logger.go:66:                     }
TestTerraformKafkaTopicsExample 2022-08-03T15:21:52Z logger.go:66:                   + type  = (known after apply)
TestTerraformKafkaTopicsExample 2022-08-03T15:21:52Z logger.go:66:                 }
TestTerraformKafkaTopicsExample 2022-08-03T15:21:52Z logger.go:66:               + authorization                 = {
TestTerraformKafkaTopicsExample 2022-08-03T15:21:52Z logger.go:66:                   + kafkaRestClassRef = {
TestTerraformKafkaTopicsExample 2022-08-03T15:21:52Z logger.go:66:                       + name      = (known after apply)
TestTerraformKafkaTopicsExample 2022-08-03T15:21:52Z logger.go:66:                       + namespace = (known after apply)
TestTerraformKafkaTopicsExample 2022-08-03T15:21:52Z logger.go:66:                     }
TestTerraformKafkaTopicsExample 2022-08-03T15:21:52Z logger.go:66:                   + type              = (known after apply)
TestTerraformKafkaTopicsExample 2022-08-03T15:21:52Z logger.go:66:                 }
TestTerraformKafkaTopicsExample 2022-08-03T15:21:52Z logger.go:66:               + configOverrides               = {
TestTerraformKafkaTopicsExample 2022-08-03T15:21:52Z logger.go:66:                   + jvm    = (known after apply)
TestTerraformKafkaTopicsExample 2022-08-03T15:21:52Z logger.go:66:                   + log4j  = (known after apply)
TestTerraformKafkaTopicsExample 2022-08-03T15:21:52Z logger.go:66:                   + server = (known after apply)
TestTerraformKafkaTopicsExample 2022-08-03T15:21:52Z logger.go:66:                 }
TestTerraformKafkaTopicsExample 2022-08-03T15:21:52Z logger.go:66:               + dependencies                  = {
TestTerraformKafkaTopicsExample 2022-08-03T15:21:52Z logger.go:66:                   + kafka = {
TestTerraformKafkaTopicsExample 2022-08-03T15:21:52Z logger.go:66:                       + authentication    = {
TestTerraformKafkaTopicsExample 2022-08-03T15:21:52Z logger.go:66:                           + jaasConfig            = {
TestTerraformKafkaTopicsExample 2022-08-03T15:21:52Z logger.go:66:                               + secretRef = (known after apply)
TestTerraformKafkaTopicsExample 2022-08-03T15:21:52Z logger.go:66:                             }
TestTerraformKafkaTopicsExample 2022-08-03T15:21:52Z logger.go:66:                           + jaasConfigPassThrough = {
TestTerraformKafkaTopicsExample 2022-08-03T15:21:52Z logger.go:66:                               + directoryPathInContainer = (known after apply)
TestTerraformKafkaTopicsExample 2022-08-03T15:21:52Z logger.go:66:                               + secretRef                = (known after apply)
TestTerraformKafkaTopicsExample 2022-08-03T15:21:52Z logger.go:66:                             }
TestTerraformKafkaTopicsExample 2022-08-03T15:21:52Z logger.go:66:                           + oauthbearer           = {
TestTerraformKafkaTopicsExample 2022-08-03T15:21:52Z logger.go:66:                               + directoryPathInContainer = (known after apply)
TestTerraformKafkaTopicsExample 2022-08-03T15:21:52Z logger.go:66:                               + secretRef                = (known after apply)
TestTerraformKafkaTopicsExample 2022-08-03T15:21:52Z logger.go:66:                             }
TestTerraformKafkaTopicsExample 2022-08-03T15:21:52Z logger.go:66:                           + type                  = (known after apply)
TestTerraformKafkaTopicsExample 2022-08-03T15:21:52Z logger.go:66:                         }
TestTerraformKafkaTopicsExample 2022-08-03T15:21:52Z logger.go:66:                       + bootstrapEndpoint = (known after apply)
TestTerraformKafkaTopicsExample 2022-08-03T15:21:52Z logger.go:66:                       + discovery         = {
TestTerraformKafkaTopicsExample 2022-08-03T15:21:52Z logger.go:66:                           + name      = (known after apply)
TestTerraformKafkaTopicsExample 2022-08-03T15:21:52Z logger.go:66:                           + namespace = (known after apply)
TestTerraformKafkaTopicsExample 2022-08-03T15:21:52Z logger.go:66:                           + secretRef = (known after apply)
TestTerraformKafkaTopicsExample 2022-08-03T15:21:52Z logger.go:66:                         }
TestTerraformKafkaTopicsExample 2022-08-03T15:21:52Z logger.go:66:                       + tls               = {
TestTerraformKafkaTopicsExample 2022-08-03T15:21:52Z logger.go:66:                           + directoryPathInContainer = (known after apply)
TestTerraformKafkaTopicsExample 2022-08-03T15:21:52Z logger.go:66:                           + enabled                  = (known after apply)
TestTerraformKafkaTopicsExample 2022-08-03T15:21:52Z logger.go:66:                           + ignoreTrustStoreConfig   = (known after apply)
TestTerraformKafkaTopicsExample 2022-08-03T15:21:52Z logger.go:66:                           + jksPassword              = {
TestTerraformKafkaTopicsExample 2022-08-03T15:21:52Z logger.go:66:                               + secretRef = (known after apply)
TestTerraformKafkaTopicsExample 2022-08-03T15:21:52Z logger.go:66:                             }
TestTerraformKafkaTopicsExample 2022-08-03T15:21:52Z logger.go:66:                           + secretRef                = (known after apply)
TestTerraformKafkaTopicsExample 2022-08-03T15:21:52Z logger.go:66:                         }
TestTerraformKafkaTopicsExample 2022-08-03T15:21:52Z logger.go:66:                     }
TestTerraformKafkaTopicsExample 2022-08-03T15:21:52Z logger.go:66:                   + mds   = {
TestTerraformKafkaTopicsExample 2022-08-03T15:21:52Z logger.go:66:                       + authentication = {
TestTerraformKafkaTopicsExample 2022-08-03T15:21:52Z logger.go:66:                           + bearer = {
TestTerraformKafkaTopicsExample 2022-08-03T15:21:52Z logger.go:66:                               + directoryPathInContainer = (known after apply)
TestTerraformKafkaTopicsExample 2022-08-03T15:21:52Z logger.go:66:                               + secretRef                = (known after apply)
TestTerraformKafkaTopicsExample 2022-08-03T15:21:52Z logger.go:66:                             }
TestTerraformKafkaTopicsExample 2022-08-03T15:21:52Z logger.go:66:                           + type   = (known after apply)
TestTerraformKafkaTopicsExample 2022-08-03T15:21:52Z logger.go:66:                         }
TestTerraformKafkaTopicsExample 2022-08-03T15:21:52Z logger.go:66:                       + endpoint       = (known after apply)
TestTerraformKafkaTopicsExample 2022-08-03T15:21:52Z logger.go:66:                       + tls            = {
TestTerraformKafkaTopicsExample 2022-08-03T15:21:52Z logger.go:66:                           + directoryPathInContainer = (known after apply)
TestTerraformKafkaTopicsExample 2022-08-03T15:21:52Z logger.go:66:                           + enabled                  = (known after apply)
TestTerraformKafkaTopicsExample 2022-08-03T15:21:52Z logger.go:66:                           + ignoreTrustStoreConfig   = (known after apply)
TestTerraformKafkaTopicsExample 2022-08-03T15:21:52Z logger.go:66:                           + jksPassword              = {
TestTerraformKafkaTopicsExample 2022-08-03T15:21:52Z logger.go:66:                               + secretRef = (known after apply)
TestTerraformKafkaTopicsExample 2022-08-03T15:21:52Z logger.go:66:                             }
TestTerraformKafkaTopicsExample 2022-08-03T15:21:52Z logger.go:66:                           + secretRef                = (known after apply)
TestTerraformKafkaTopicsExample 2022-08-03T15:21:52Z logger.go:66:                         }
TestTerraformKafkaTopicsExample 2022-08-03T15:21:52Z logger.go:66:                       + tokenKeyPair   = {
TestTerraformKafkaTopicsExample 2022-08-03T15:21:52Z logger.go:66:                           + directoryPathInContainer = (known after apply)
TestTerraformKafkaTopicsExample 2022-08-03T15:21:52Z logger.go:66:                           + secretRef                = (known after apply)
TestTerraformKafkaTopicsExample 2022-08-03T15:21:52Z logger.go:66:                         }
TestTerraformKafkaTopicsExample 2022-08-03T15:21:52Z logger.go:66:                     }
TestTerraformKafkaTopicsExample 2022-08-03T15:21:52Z logger.go:66:                 }
TestTerraformKafkaTopicsExample 2022-08-03T15:21:52Z logger.go:66:               + enableSchemaExporter          = (known after apply)
TestTerraformKafkaTopicsExample 2022-08-03T15:21:52Z logger.go:66:               + externalAccess                = {
TestTerraformKafkaTopicsExample 2022-08-03T15:21:52Z logger.go:66:                   + loadBalancer = {
TestTerraformKafkaTopicsExample 2022-08-03T15:21:52Z logger.go:66:                       + advertisedURL            = {
TestTerraformKafkaTopicsExample 2022-08-03T15:21:52Z logger.go:66:                           + enabled = (known after apply)
TestTerraformKafkaTopicsExample 2022-08-03T15:21:52Z logger.go:66:                           + prefix  = (known after apply)
TestTerraformKafkaTopicsExample 2022-08-03T15:21:52Z logger.go:66:                         }
TestTerraformKafkaTopicsExample 2022-08-03T15:21:52Z logger.go:66:                       + annotations              = (known after apply)
TestTerraformKafkaTopicsExample 2022-08-03T15:21:52Z logger.go:66:                       + domain                   = (known after apply)
TestTerraformKafkaTopicsExample 2022-08-03T15:21:52Z logger.go:66:                       + externalTrafficPolicy    = (known after apply)
TestTerraformKafkaTopicsExample 2022-08-03T15:21:52Z logger.go:66:                       + labels                   = (known after apply)
TestTerraformKafkaTopicsExample 2022-08-03T15:21:52Z logger.go:66:                       + loadBalancerSourceRanges = (known after apply)
TestTerraformKafkaTopicsExample 2022-08-03T15:21:52Z logger.go:66:                       + port                     = (known after apply)
TestTerraformKafkaTopicsExample 2022-08-03T15:21:52Z logger.go:66:                       + prefix                   = (known after apply)
TestTerraformKafkaTopicsExample 2022-08-03T15:21:52Z logger.go:66:                       + servicePorts             = (known after apply)
TestTerraformKafkaTopicsExample 2022-08-03T15:21:52Z logger.go:66:                       + sessionAffinity          = (known after apply)
TestTerraformKafkaTopicsExample 2022-08-03T15:21:52Z logger.go:66:                       + sessionAffinityConfig    = {
TestTerraformKafkaTopicsExample 2022-08-03T15:21:52Z logger.go:66:                           + clientIP = {
TestTerraformKafkaTopicsExample 2022-08-03T15:21:52Z logger.go:66:                               + timeoutSeconds = (known after apply)
TestTerraformKafkaTopicsExample 2022-08-03T15:21:52Z logger.go:66:                             }
TestTerraformKafkaTopicsExample 2022-08-03T15:21:52Z logger.go:66:                         }
TestTerraformKafkaTopicsExample 2022-08-03T15:21:52Z logger.go:66:                     }
TestTerraformKafkaTopicsExample 2022-08-03T15:21:52Z logger.go:66:                   + nodePort     = {
TestTerraformKafkaTopicsExample 2022-08-03T15:21:52Z logger.go:66:                       + advertisedURL         = {
TestTerraformKafkaTopicsExample 2022-08-03T15:21:52Z logger.go:66:                           + enabled = (known after apply)
TestTerraformKafkaTopicsExample 2022-08-03T15:21:52Z logger.go:66:                           + prefix  = (known after apply)
TestTerraformKafkaTopicsExample 2022-08-03T15:21:52Z logger.go:66:                         }
TestTerraformKafkaTopicsExample 2022-08-03T15:21:52Z logger.go:66:                       + annotations           = (known after apply)
TestTerraformKafkaTopicsExample 2022-08-03T15:21:52Z logger.go:66:                       + externalTrafficPolicy = (known after apply)
TestTerraformKafkaTopicsExample 2022-08-03T15:21:52Z logger.go:66:                       + host                  = (known after apply)
TestTerraformKafkaTopicsExample 2022-08-03T15:21:52Z logger.go:66:                       + labels                = (known after apply)
TestTerraformKafkaTopicsExample 2022-08-03T15:21:52Z logger.go:66:                       + nodePortOffset        = (known after apply)
TestTerraformKafkaTopicsExample 2022-08-03T15:21:52Z logger.go:66:                       + servicePorts          = (known after apply)
TestTerraformKafkaTopicsExample 2022-08-03T15:21:52Z logger.go:66:                       + sessionAffinity       = (known after apply)
TestTerraformKafkaTopicsExample 2022-08-03T15:21:52Z logger.go:66:                       + sessionAffinityConfig = {
TestTerraformKafkaTopicsExample 2022-08-03T15:21:52Z logger.go:66:                           + clientIP = {
TestTerraformKafkaTopicsExample 2022-08-03T15:21:52Z logger.go:66:                               + timeoutSeconds = (known after apply)
TestTerraformKafkaTopicsExample 2022-08-03T15:21:52Z logger.go:66:                             }
TestTerraformKafkaTopicsExample 2022-08-03T15:21:52Z logger.go:66:                         }
TestTerraformKafkaTopicsExample 2022-08-03T15:21:52Z logger.go:66:                     }
TestTerraformKafkaTopicsExample 2022-08-03T15:21:52Z logger.go:66:                   + route        = {
TestTerraformKafkaTopicsExample 2022-08-03T15:21:52Z logger.go:66:                       + annotations    = (known after apply)
TestTerraformKafkaTopicsExample 2022-08-03T15:21:52Z logger.go:66:                       + domain         = (known after apply)
TestTerraformKafkaTopicsExample 2022-08-03T15:21:52Z logger.go:66:                       + labels         = (known after apply)
TestTerraformKafkaTopicsExample 2022-08-03T15:21:52Z logger.go:66:                       + prefix         = (known after apply)
TestTerraformKafkaTopicsExample 2022-08-03T15:21:52Z logger.go:66:                       + wildcardPolicy = (known after apply)
TestTerraformKafkaTopicsExample 2022-08-03T15:21:52Z logger.go:66:                     }
TestTerraformKafkaTopicsExample 2022-08-03T15:21:52Z logger.go:66:                   + type         = (known after apply)
TestTerraformKafkaTopicsExample 2022-08-03T15:21:52Z logger.go:66:                 }
TestTerraformKafkaTopicsExample 2022-08-03T15:21:52Z logger.go:66:               + headlessService               = {
TestTerraformKafkaTopicsExample 2022-08-03T15:21:52Z logger.go:66:                   + annotations              = (known after apply)
TestTerraformKafkaTopicsExample 2022-08-03T15:21:52Z logger.go:66:                   + labels                   = (known after apply)
TestTerraformKafkaTopicsExample 2022-08-03T15:21:52Z logger.go:66:                   + publishNotReadyAddresses = (known after apply)
TestTerraformKafkaTopicsExample 2022-08-03T15:21:52Z logger.go:66:                 }
TestTerraformKafkaTopicsExample 2022-08-03T15:21:52Z logger.go:66:               + image                         = {
TestTerraformKafkaTopicsExample 2022-08-03T15:21:52Z logger.go:66:                   + application   = "confluentinc/cp-schema-registry:7.2.0"
TestTerraformKafkaTopicsExample 2022-08-03T15:21:52Z logger.go:66:                   + init          = "confluentinc/confluent-init-container:2.4.0"
TestTerraformKafkaTopicsExample 2022-08-03T15:21:52Z logger.go:66:                   + pullPolicy    = (known after apply)
TestTerraformKafkaTopicsExample 2022-08-03T15:21:52Z logger.go:66:                   + pullSecretRef = (known after apply)
TestTerraformKafkaTopicsExample 2022-08-03T15:21:52Z logger.go:66:                 }
TestTerraformKafkaTopicsExample 2022-08-03T15:21:52Z logger.go:66:               + injectAnnotations             = (known after apply)
TestTerraformKafkaTopicsExample 2022-08-03T15:21:52Z logger.go:66:               + injectLabels                  = (known after apply)
TestTerraformKafkaTopicsExample 2022-08-03T15:21:52Z logger.go:66:               + internalTopicReplicatorFactor = (known after apply)
TestTerraformKafkaTopicsExample 2022-08-03T15:21:52Z logger.go:66:               + k8sClusterDomain              = (known after apply)
TestTerraformKafkaTopicsExample 2022-08-03T15:21:52Z logger.go:66:               + license                       = {
TestTerraformKafkaTopicsExample 2022-08-03T15:21:52Z logger.go:66:                   + directoryPathInContainer = (known after apply)
TestTerraformKafkaTopicsExample 2022-08-03T15:21:52Z logger.go:66:                   + globalLicense            = (known after apply)
TestTerraformKafkaTopicsExample 2022-08-03T15:21:52Z logger.go:66:                   + secretRef                = (known after apply)
TestTerraformKafkaTopicsExample 2022-08-03T15:21:52Z logger.go:66:                 }
TestTerraformKafkaTopicsExample 2022-08-03T15:21:52Z logger.go:66:               + metrics                       = {
TestTerraformKafkaTopicsExample 2022-08-03T15:21:52Z logger.go:66:                   + authentication = {
TestTerraformKafkaTopicsExample 2022-08-03T15:21:52Z logger.go:66:                       + type = (known after apply)
TestTerraformKafkaTopicsExample 2022-08-03T15:21:52Z logger.go:66:                     }
TestTerraformKafkaTopicsExample 2022-08-03T15:21:52Z logger.go:66:                   + prometheus     = {
TestTerraformKafkaTopicsExample 2022-08-03T15:21:52Z logger.go:66:                       + blacklist = (known after apply)
TestTerraformKafkaTopicsExample 2022-08-03T15:21:52Z logger.go:66:                       + rules     = (known after apply)
TestTerraformKafkaTopicsExample 2022-08-03T15:21:52Z logger.go:66:                       + whitelist = (known after apply)
TestTerraformKafkaTopicsExample 2022-08-03T15:21:52Z logger.go:66:                     }
TestTerraformKafkaTopicsExample 2022-08-03T15:21:52Z logger.go:66:                   + tls            = {
TestTerraformKafkaTopicsExample 2022-08-03T15:21:52Z logger.go:66:                       + directoryPathInContainer = (known after apply)
TestTerraformKafkaTopicsExample 2022-08-03T15:21:52Z logger.go:66:                       + enabled                  = (known after apply)
TestTerraformKafkaTopicsExample 2022-08-03T15:21:52Z logger.go:66:                       + ignoreTrustStoreConfig   = (known after apply)
TestTerraformKafkaTopicsExample 2022-08-03T15:21:52Z logger.go:66:                       + jksPassword              = {
TestTerraformKafkaTopicsExample 2022-08-03T15:21:52Z logger.go:66:                           + secretRef = (known after apply)
TestTerraformKafkaTopicsExample 2022-08-03T15:21:52Z logger.go:66:                         }
TestTerraformKafkaTopicsExample 2022-08-03T15:21:52Z logger.go:66:                       + secretRef                = (known after apply)
TestTerraformKafkaTopicsExample 2022-08-03T15:21:52Z logger.go:66:                     }
TestTerraformKafkaTopicsExample 2022-08-03T15:21:52Z logger.go:66:                 }
TestTerraformKafkaTopicsExample 2022-08-03T15:21:52Z logger.go:66:               + mountedSecrets                = (known after apply)
TestTerraformKafkaTopicsExample 2022-08-03T15:21:52Z logger.go:66:               + mountedVolumes                = {
TestTerraformKafkaTopicsExample 2022-08-03T15:21:52Z logger.go:66:                   + volumeMounts = (known after apply)
TestTerraformKafkaTopicsExample 2022-08-03T15:21:52Z logger.go:66:                   + volumes      = (known after apply)
TestTerraformKafkaTopicsExample 2022-08-03T15:21:52Z logger.go:66:                 }
TestTerraformKafkaTopicsExample 2022-08-03T15:21:52Z logger.go:66:               + oneReplicaPerNode             = (known after apply)
TestTerraformKafkaTopicsExample 2022-08-03T15:21:52Z logger.go:66:               + passwordEncoder               = {
TestTerraformKafkaTopicsExample 2022-08-03T15:21:52Z logger.go:66:                   + directoryPathInContainer = (known after apply)
TestTerraformKafkaTopicsExample 2022-08-03T15:21:52Z logger.go:66:                   + secretRef                = (known after apply)
TestTerraformKafkaTopicsExample 2022-08-03T15:21:52Z logger.go:66:                 }
TestTerraformKafkaTopicsExample 2022-08-03T15:21:52Z logger.go:66:               + podTemplate                   = {
TestTerraformKafkaTopicsExample 2022-08-03T15:21:52Z logger.go:66:                   + affinity                      = {
TestTerraformKafkaTopicsExample 2022-08-03T15:21:52Z logger.go:66:                       + nodeAffinity    = {
TestTerraformKafkaTopicsExample 2022-08-03T15:21:52Z logger.go:66:                           + preferredDuringSchedulingIgnoredDuringExecution = (known after apply)
TestTerraformKafkaTopicsExample 2022-08-03T15:21:52Z logger.go:66:                           + requiredDuringSchedulingIgnoredDuringExecution  = {
TestTerraformKafkaTopicsExample 2022-08-03T15:21:52Z logger.go:66:                               + nodeSelectorTerms = (known after apply)
TestTerraformKafkaTopicsExample 2022-08-03T15:21:52Z logger.go:66:                             }
TestTerraformKafkaTopicsExample 2022-08-03T15:21:52Z logger.go:66:                         }
TestTerraformKafkaTopicsExample 2022-08-03T15:21:52Z logger.go:66:                       + podAffinity     = {
TestTerraformKafkaTopicsExample 2022-08-03T15:21:52Z logger.go:66:                           + preferredDuringSchedulingIgnoredDuringExecution = (known after apply)
TestTerraformKafkaTopicsExample 2022-08-03T15:21:52Z logger.go:66:                           + requiredDuringSchedulingIgnoredDuringExecution  = (known after apply)
TestTerraformKafkaTopicsExample 2022-08-03T15:21:52Z logger.go:66:                         }
TestTerraformKafkaTopicsExample 2022-08-03T15:21:52Z logger.go:66:                       + podAntiAffinity = {
TestTerraformKafkaTopicsExample 2022-08-03T15:21:52Z logger.go:66:                           + preferredDuringSchedulingIgnoredDuringExecution = (known after apply)
TestTerraformKafkaTopicsExample 2022-08-03T15:21:52Z logger.go:66:                           + requiredDuringSchedulingIgnoredDuringExecution  = (known after apply)
TestTerraformKafkaTopicsExample 2022-08-03T15:21:52Z logger.go:66:                         }
TestTerraformKafkaTopicsExample 2022-08-03T15:21:52Z logger.go:66:                     }
TestTerraformKafkaTopicsExample 2022-08-03T15:21:52Z logger.go:66:                   + annotations                   = (known after apply)
TestTerraformKafkaTopicsExample 2022-08-03T15:21:52Z logger.go:66:                   + envVars                       = (known after apply)
TestTerraformKafkaTopicsExample 2022-08-03T15:21:52Z logger.go:66:                   + labels                        = (known after apply)
TestTerraformKafkaTopicsExample 2022-08-03T15:21:52Z logger.go:66:                   + podSecurityContext            = {
TestTerraformKafkaTopicsExample 2022-08-03T15:21:52Z logger.go:66:                       + fsGroup             = (known after apply)
TestTerraformKafkaTopicsExample 2022-08-03T15:21:52Z logger.go:66:                       + fsGroupChangePolicy = (known after apply)
TestTerraformKafkaTopicsExample 2022-08-03T15:21:52Z logger.go:66:                       + runAsGroup          = (known after apply)
TestTerraformKafkaTopicsExample 2022-08-03T15:21:52Z logger.go:66:                       + runAsNonRoot        = (known after apply)
TestTerraformKafkaTopicsExample 2022-08-03T15:21:52Z logger.go:66:                       + runAsUser           = (known after apply)
TestTerraformKafkaTopicsExample 2022-08-03T15:21:52Z logger.go:66:                       + seLinuxOptions      = {
TestTerraformKafkaTopicsExample 2022-08-03T15:21:52Z logger.go:66:                           + level = (known after apply)
TestTerraformKafkaTopicsExample 2022-08-03T15:21:52Z logger.go:66:                           + role  = (known after apply)
TestTerraformKafkaTopicsExample 2022-08-03T15:21:52Z logger.go:66:                           + type  = (known after apply)
TestTerraformKafkaTopicsExample 2022-08-03T15:21:52Z logger.go:66:                           + user  = (known after apply)
TestTerraformKafkaTopicsExample 2022-08-03T15:21:52Z logger.go:66:                         }
TestTerraformKafkaTopicsExample 2022-08-03T15:21:52Z logger.go:66:                       + seccompProfile      = {
TestTerraformKafkaTopicsExample 2022-08-03T15:21:52Z logger.go:66:                           + localhostProfile = (known after apply)
TestTerraformKafkaTopicsExample 2022-08-03T15:21:52Z logger.go:66:                           + type             = (known after apply)
TestTerraformKafkaTopicsExample 2022-08-03T15:21:52Z logger.go:66:                         }
TestTerraformKafkaTopicsExample 2022-08-03T15:21:52Z logger.go:66:                       + supplementalGroups  = (known after apply)
TestTerraformKafkaTopicsExample 2022-08-03T15:21:52Z logger.go:66:                       + sysctls             = (known after apply)
TestTerraformKafkaTopicsExample 2022-08-03T15:21:52Z logger.go:66:                       + windowsOptions      = {
TestTerraformKafkaTopicsExample 2022-08-03T15:21:52Z logger.go:66:                           + gmsaCredentialSpec     = (known after apply)
TestTerraformKafkaTopicsExample 2022-08-03T15:21:52Z logger.go:66:                           + gmsaCredentialSpecName = (known after apply)
TestTerraformKafkaTopicsExample 2022-08-03T15:21:52Z logger.go:66:                           + hostProcess            = (known after apply)
TestTerraformKafkaTopicsExample 2022-08-03T15:21:52Z logger.go:66:                           + runAsUserName          = (known after apply)
TestTerraformKafkaTopicsExample 2022-08-03T15:21:52Z logger.go:66:                         }
TestTerraformKafkaTopicsExample 2022-08-03T15:21:52Z logger.go:66:                     }
TestTerraformKafkaTopicsExample 2022-08-03T15:21:52Z logger.go:66:                   + priorityClassName             = (known after apply)
TestTerraformKafkaTopicsExample 2022-08-03T15:21:52Z logger.go:66:                   + probe                         = {
TestTerraformKafkaTopicsExample 2022-08-03T15:21:52Z logger.go:66:                       + liveness  = {
TestTerraformKafkaTopicsExample 2022-08-03T15:21:52Z logger.go:66:                           + failureThreshold    = (known after apply)
TestTerraformKafkaTopicsExample 2022-08-03T15:21:52Z logger.go:66:                           + initialDelaySeconds = (known after apply)
TestTerraformKafkaTopicsExample 2022-08-03T15:21:52Z logger.go:66:                           + periodSeconds       = (known after apply)
TestTerraformKafkaTopicsExample 2022-08-03T15:21:52Z logger.go:66:                           + successThreshold    = (known after apply)
TestTerraformKafkaTopicsExample 2022-08-03T15:21:52Z logger.go:66:                           + timeoutSeconds      = (known after apply)
TestTerraformKafkaTopicsExample 2022-08-03T15:21:52Z logger.go:66:                         }
TestTerraformKafkaTopicsExample 2022-08-03T15:21:52Z logger.go:66:                       + readiness = {
TestTerraformKafkaTopicsExample 2022-08-03T15:21:52Z logger.go:66:                           + failureThreshold    = (known after apply)
TestTerraformKafkaTopicsExample 2022-08-03T15:21:52Z logger.go:66:                           + initialDelaySeconds = (known after apply)
TestTerraformKafkaTopicsExample 2022-08-03T15:21:52Z logger.go:66:                           + periodSeconds       = (known after apply)
TestTerraformKafkaTopicsExample 2022-08-03T15:21:52Z logger.go:66:                           + successThreshold    = (known after apply)
TestTerraformKafkaTopicsExample 2022-08-03T15:21:52Z logger.go:66:                           + timeoutSeconds      = (known after apply)
TestTerraformKafkaTopicsExample 2022-08-03T15:21:52Z logger.go:66:                         }
TestTerraformKafkaTopicsExample 2022-08-03T15:21:52Z logger.go:66:                     }
TestTerraformKafkaTopicsExample 2022-08-03T15:21:52Z logger.go:66:                   + resources                     = {
TestTerraformKafkaTopicsExample 2022-08-03T15:21:52Z logger.go:66:                       + limits   = (known after apply)
TestTerraformKafkaTopicsExample 2022-08-03T15:21:52Z logger.go:66:                       + requests = (known after apply)
TestTerraformKafkaTopicsExample 2022-08-03T15:21:52Z logger.go:66:                     }
TestTerraformKafkaTopicsExample 2022-08-03T15:21:52Z logger.go:66:                   + securityContext               = {
TestTerraformKafkaTopicsExample 2022-08-03T15:21:52Z logger.go:66:                       + allowPrivilegeEscalation = (known after apply)
TestTerraformKafkaTopicsExample 2022-08-03T15:21:52Z logger.go:66:                       + capabilities             = {
TestTerraformKafkaTopicsExample 2022-08-03T15:21:52Z logger.go:66:                           + add  = (known after apply)
TestTerraformKafkaTopicsExample 2022-08-03T15:21:52Z logger.go:66:                           + drop = (known after apply)
TestTerraformKafkaTopicsExample 2022-08-03T15:21:52Z logger.go:66:                         }
TestTerraformKafkaTopicsExample 2022-08-03T15:21:52Z logger.go:66:                       + privileged               = (known after apply)
TestTerraformKafkaTopicsExample 2022-08-03T15:21:52Z logger.go:66:                       + procMount                = (known after apply)
TestTerraformKafkaTopicsExample 2022-08-03T15:21:52Z logger.go:66:                       + readOnlyRootFilesystem   = (known after apply)
TestTerraformKafkaTopicsExample 2022-08-03T15:21:52Z logger.go:66:                       + runAsGroup               = (known after apply)
TestTerraformKafkaTopicsExample 2022-08-03T15:21:52Z logger.go:66:                       + runAsNonRoot             = (known after apply)
TestTerraformKafkaTopicsExample 2022-08-03T15:21:52Z logger.go:66:                       + runAsUser                = (known after apply)
TestTerraformKafkaTopicsExample 2022-08-03T15:21:52Z logger.go:66:                       + seLinuxOptions           = {
TestTerraformKafkaTopicsExample 2022-08-03T15:21:52Z logger.go:66:                           + level = (known after apply)
TestTerraformKafkaTopicsExample 2022-08-03T15:21:52Z logger.go:66:                           + role  = (known after apply)
TestTerraformKafkaTopicsExample 2022-08-03T15:21:52Z logger.go:66:                           + type  = (known after apply)
TestTerraformKafkaTopicsExample 2022-08-03T15:21:52Z logger.go:66:                           + user  = (known after apply)
TestTerraformKafkaTopicsExample 2022-08-03T15:21:52Z logger.go:66:                         }
TestTerraformKafkaTopicsExample 2022-08-03T15:21:52Z logger.go:66:                       + seccompProfile           = {
TestTerraformKafkaTopicsExample 2022-08-03T15:21:52Z logger.go:66:                           + localhostProfile = (known after apply)
TestTerraformKafkaTopicsExample 2022-08-03T15:21:52Z logger.go:66:                           + type             = (known after apply)
TestTerraformKafkaTopicsExample 2022-08-03T15:21:52Z logger.go:66:                         }
TestTerraformKafkaTopicsExample 2022-08-03T15:21:52Z logger.go:66:                       + windowsOptions           = {
TestTerraformKafkaTopicsExample 2022-08-03T15:21:52Z logger.go:66:                           + gmsaCredentialSpec     = (known after apply)
TestTerraformKafkaTopicsExample 2022-08-03T15:21:52Z logger.go:66:                           + gmsaCredentialSpecName = (known after apply)
TestTerraformKafkaTopicsExample 2022-08-03T15:21:52Z logger.go:66:                           + hostProcess            = (known after apply)
TestTerraformKafkaTopicsExample 2022-08-03T15:21:52Z logger.go:66:                           + runAsUserName          = (known after apply)
TestTerraformKafkaTopicsExample 2022-08-03T15:21:52Z logger.go:66:                         }
TestTerraformKafkaTopicsExample 2022-08-03T15:21:52Z logger.go:66:                     }
TestTerraformKafkaTopicsExample 2022-08-03T15:21:52Z logger.go:66:                   + serviceAccountName            = (known after apply)
TestTerraformKafkaTopicsExample 2022-08-03T15:21:52Z logger.go:66:                   + terminationGracePeriodSeconds = (known after apply)
TestTerraformKafkaTopicsExample 2022-08-03T15:21:52Z logger.go:66:                   + tolerations                   = (known after apply)
TestTerraformKafkaTopicsExample 2022-08-03T15:21:52Z logger.go:66:                   + topologySpreadConstraints     = (known after apply)
TestTerraformKafkaTopicsExample 2022-08-03T15:21:52Z logger.go:66:                 }
TestTerraformKafkaTopicsExample 2022-08-03T15:21:52Z logger.go:66:               + replicas                      = 3
TestTerraformKafkaTopicsExample 2022-08-03T15:21:52Z logger.go:66:               + telemetry                     = {
TestTerraformKafkaTopicsExample 2022-08-03T15:21:52Z logger.go:66:                   + global = (known after apply)
TestTerraformKafkaTopicsExample 2022-08-03T15:21:52Z logger.go:66:                 }
TestTerraformKafkaTopicsExample 2022-08-03T15:21:52Z logger.go:66:               + tls                           = {
TestTerraformKafkaTopicsExample 2022-08-03T15:21:52Z logger.go:66:                   + autoGeneratedCerts       = (known after apply)
TestTerraformKafkaTopicsExample 2022-08-03T15:21:52Z logger.go:66:                   + directoryPathInContainer = (known after apply)
TestTerraformKafkaTopicsExample 2022-08-03T15:21:52Z logger.go:66:                   + ignoreTrustStoreConfig   = (known after apply)
TestTerraformKafkaTopicsExample 2022-08-03T15:21:52Z logger.go:66:                   + jksPassword              = {
TestTerraformKafkaTopicsExample 2022-08-03T15:21:52Z logger.go:66:                       + secretRef = (known after apply)
TestTerraformKafkaTopicsExample 2022-08-03T15:21:52Z logger.go:66:                     }
TestTerraformKafkaTopicsExample 2022-08-03T15:21:52Z logger.go:66:                   + secretRef                = (known after apply)
TestTerraformKafkaTopicsExample 2022-08-03T15:21:52Z logger.go:66:                 }
TestTerraformKafkaTopicsExample 2022-08-03T15:21:52Z logger.go:66:             }
TestTerraformKafkaTopicsExample 2022-08-03T15:21:52Z logger.go:66:         }
TestTerraformKafkaTopicsExample 2022-08-03T15:21:52Z logger.go:66:
TestTerraformKafkaTopicsExample 2022-08-03T15:21:52Z logger.go:66:       + timeouts {
TestTerraformKafkaTopicsExample 2022-08-03T15:21:52Z logger.go:66:           + create = "1h"
TestTerraformKafkaTopicsExample 2022-08-03T15:21:52Z logger.go:66:           + delete = "10m"
TestTerraformKafkaTopicsExample 2022-08-03T15:21:52Z logger.go:66:           + update = "1h"
TestTerraformKafkaTopicsExample 2022-08-03T15:21:52Z logger.go:66:         }
TestTerraformKafkaTopicsExample 2022-08-03T15:21:52Z logger.go:66:
TestTerraformKafkaTopicsExample 2022-08-03T15:21:52Z logger.go:66:       + wait {
TestTerraformKafkaTopicsExample 2022-08-03T15:21:52Z logger.go:66:           + fields = {
TestTerraformKafkaTopicsExample 2022-08-03T15:21:52Z logger.go:66:               + "status.phase" = "RUNNING"
TestTerraformKafkaTopicsExample 2022-08-03T15:21:52Z logger.go:66:             }
TestTerraformKafkaTopicsExample 2022-08-03T15:21:52Z logger.go:66:         }
TestTerraformKafkaTopicsExample 2022-08-03T15:21:52Z logger.go:66:     }
TestTerraformKafkaTopicsExample 2022-08-03T15:21:52Z logger.go:66:
TestTerraformKafkaTopicsExample 2022-08-03T15:21:52Z logger.go:66:   # module.confluent_platform.module.confluent_platform.kubernetes_manifest.components["zookeeper"] will be created
TestTerraformKafkaTopicsExample 2022-08-03T15:21:52Z logger.go:66:   + resource "kubernetes_manifest" "components" {
TestTerraformKafkaTopicsExample 2022-08-03T15:21:52Z logger.go:66:       + computed_fields = [
TestTerraformKafkaTopicsExample 2022-08-03T15:21:52Z logger.go:66:           + "metadata.finalizers",
TestTerraformKafkaTopicsExample 2022-08-03T15:21:52Z logger.go:66:         ]
TestTerraformKafkaTopicsExample 2022-08-03T15:21:52Z logger.go:66:       + manifest        = {
TestTerraformKafkaTopicsExample 2022-08-03T15:21:52Z logger.go:66:           + apiVersion = "platform.confluent.io/v1beta1"
TestTerraformKafkaTopicsExample 2022-08-03T15:21:52Z logger.go:66:           + kind       = "Zookeeper"
TestTerraformKafkaTopicsExample 2022-08-03T15:21:52Z logger.go:66:           + metadata   = {
TestTerraformKafkaTopicsExample 2022-08-03T15:21:52Z logger.go:66:               + name      = "zookeeper"
TestTerraformKafkaTopicsExample 2022-08-03T15:21:52Z logger.go:66:               + namespace = "confluent"
TestTerraformKafkaTopicsExample 2022-08-03T15:21:52Z logger.go:66:             }
TestTerraformKafkaTopicsExample 2022-08-03T15:21:52Z logger.go:66:           + spec       = {
TestTerraformKafkaTopicsExample 2022-08-03T15:21:52Z logger.go:66:               + dataVolumeCapacity = "10Gi"
TestTerraformKafkaTopicsExample 2022-08-03T15:21:52Z logger.go:66:               + image              = {
TestTerraformKafkaTopicsExample 2022-08-03T15:21:52Z logger.go:66:                   + application = "confluentinc/cp-zookeeper:7.2.0"
TestTerraformKafkaTopicsExample 2022-08-03T15:21:52Z logger.go:66:                   + init        = "confluentinc/confluent-init-container:2.4.0"
TestTerraformKafkaTopicsExample 2022-08-03T15:21:52Z logger.go:66:                 }
TestTerraformKafkaTopicsExample 2022-08-03T15:21:52Z logger.go:66:               + logVolumeCapacity  = "10Gi"
TestTerraformKafkaTopicsExample 2022-08-03T15:21:52Z logger.go:66:               + replicas           = 3
TestTerraformKafkaTopicsExample 2022-08-03T15:21:52Z logger.go:66:             }
TestTerraformKafkaTopicsExample 2022-08-03T15:21:52Z logger.go:66:         }
TestTerraformKafkaTopicsExample 2022-08-03T15:21:52Z logger.go:66:       + object          = {
TestTerraformKafkaTopicsExample 2022-08-03T15:21:52Z logger.go:66:           + apiVersion = "platform.confluent.io/v1beta1"
TestTerraformKafkaTopicsExample 2022-08-03T15:21:52Z logger.go:66:           + kind       = "Zookeeper"
TestTerraformKafkaTopicsExample 2022-08-03T15:21:52Z logger.go:66:           + metadata   = {
TestTerraformKafkaTopicsExample 2022-08-03T15:21:52Z logger.go:66:               + annotations                = (known after apply)
TestTerraformKafkaTopicsExample 2022-08-03T15:21:52Z logger.go:66:               + clusterName                = (known after apply)
TestTerraformKafkaTopicsExample 2022-08-03T15:21:52Z logger.go:66:               + creationTimestamp          = (known after apply)
TestTerraformKafkaTopicsExample 2022-08-03T15:21:52Z logger.go:66:               + deletionGracePeriodSeconds = (known after apply)
TestTerraformKafkaTopicsExample 2022-08-03T15:21:52Z logger.go:66:               + deletionTimestamp          = (known after apply)
TestTerraformKafkaTopicsExample 2022-08-03T15:21:52Z logger.go:66:               + finalizers                 = (known after apply)
TestTerraformKafkaTopicsExample 2022-08-03T15:21:52Z logger.go:66:               + generateName               = (known after apply)
TestTerraformKafkaTopicsExample 2022-08-03T15:21:52Z logger.go:66:               + generation                 = (known after apply)
TestTerraformKafkaTopicsExample 2022-08-03T15:21:52Z logger.go:66:               + labels                     = (known after apply)
TestTerraformKafkaTopicsExample 2022-08-03T15:21:52Z logger.go:66:               + managedFields              = (known after apply)
TestTerraformKafkaTopicsExample 2022-08-03T15:21:52Z logger.go:66:               + name                       = "zookeeper"
TestTerraformKafkaTopicsExample 2022-08-03T15:21:52Z logger.go:66:               + namespace                  = "confluent"
TestTerraformKafkaTopicsExample 2022-08-03T15:21:52Z logger.go:66:               + ownerReferences            = (known after apply)
TestTerraformKafkaTopicsExample 2022-08-03T15:21:52Z logger.go:66:               + resourceVersion            = (known after apply)
TestTerraformKafkaTopicsExample 2022-08-03T15:21:52Z logger.go:66:               + selfLink                   = (known after apply)
TestTerraformKafkaTopicsExample 2022-08-03T15:21:52Z logger.go:66:               + uid                        = (known after apply)
TestTerraformKafkaTopicsExample 2022-08-03T15:21:52Z logger.go:66:             }
TestTerraformKafkaTopicsExample 2022-08-03T15:21:52Z logger.go:66:           + spec       = {
TestTerraformKafkaTopicsExample 2022-08-03T15:21:52Z logger.go:66:               + authentication     = {
TestTerraformKafkaTopicsExample 2022-08-03T15:21:52Z logger.go:66:                   + jaasConfig            = {
TestTerraformKafkaTopicsExample 2022-08-03T15:21:52Z logger.go:66:                       + secretRef = (known after apply)
TestTerraformKafkaTopicsExample 2022-08-03T15:21:52Z logger.go:66:                     }
TestTerraformKafkaTopicsExample 2022-08-03T15:21:52Z logger.go:66:                   + jaasConfigPassThrough = {
TestTerraformKafkaTopicsExample 2022-08-03T15:21:52Z logger.go:66:                       + directoryPathInContainer = (known after apply)
TestTerraformKafkaTopicsExample 2022-08-03T15:21:52Z logger.go:66:                       + secretRef                = (known after apply)
TestTerraformKafkaTopicsExample 2022-08-03T15:21:52Z logger.go:66:                     }
TestTerraformKafkaTopicsExample 2022-08-03T15:21:52Z logger.go:66:                   + principalMappingRules = (known after apply)
TestTerraformKafkaTopicsExample 2022-08-03T15:21:52Z logger.go:66:                   + type                  = (known after apply)
TestTerraformKafkaTopicsExample 2022-08-03T15:21:52Z logger.go:66:                 }
TestTerraformKafkaTopicsExample 2022-08-03T15:21:52Z logger.go:66:               + configOverrides    = {
TestTerraformKafkaTopicsExample 2022-08-03T15:21:52Z logger.go:66:                   + jvm    = (known after apply)
TestTerraformKafkaTopicsExample 2022-08-03T15:21:52Z logger.go:66:                   + log4j  = (known after apply)
TestTerraformKafkaTopicsExample 2022-08-03T15:21:52Z logger.go:66:                   + peers  = (known after apply)
TestTerraformKafkaTopicsExample 2022-08-03T15:21:52Z logger.go:66:                   + server = (known after apply)
TestTerraformKafkaTopicsExample 2022-08-03T15:21:52Z logger.go:66:                 }
TestTerraformKafkaTopicsExample 2022-08-03T15:21:52Z logger.go:66:               + dataVolumeCapacity = "10Gi"
TestTerraformKafkaTopicsExample 2022-08-03T15:21:52Z logger.go:66:               + headlessService    = {
TestTerraformKafkaTopicsExample 2022-08-03T15:21:52Z logger.go:66:                   + annotations              = (known after apply)
TestTerraformKafkaTopicsExample 2022-08-03T15:21:52Z logger.go:66:                   + labels                   = (known after apply)
TestTerraformKafkaTopicsExample 2022-08-03T15:21:52Z logger.go:66:                   + publishNotReadyAddresses = (known after apply)
TestTerraformKafkaTopicsExample 2022-08-03T15:21:52Z logger.go:66:                 }
TestTerraformKafkaTopicsExample 2022-08-03T15:21:52Z logger.go:66:               + image              = {
TestTerraformKafkaTopicsExample 2022-08-03T15:21:52Z logger.go:66:                   + application   = "confluentinc/cp-zookeeper:7.2.0"
TestTerraformKafkaTopicsExample 2022-08-03T15:21:52Z logger.go:66:                   + init          = "confluentinc/confluent-init-container:2.4.0"
TestTerraformKafkaTopicsExample 2022-08-03T15:21:52Z logger.go:66:                   + pullPolicy    = (known after apply)
TestTerraformKafkaTopicsExample 2022-08-03T15:21:52Z logger.go:66:                   + pullSecretRef = (known after apply)
TestTerraformKafkaTopicsExample 2022-08-03T15:21:52Z logger.go:66:                 }
TestTerraformKafkaTopicsExample 2022-08-03T15:21:52Z logger.go:66:               + injectAnnotations  = (known after apply)
TestTerraformKafkaTopicsExample 2022-08-03T15:21:52Z logger.go:66:               + injectLabels       = (known after apply)
TestTerraformKafkaTopicsExample 2022-08-03T15:21:52Z logger.go:66:               + k8sClusterDomain   = (known after apply)
TestTerraformKafkaTopicsExample 2022-08-03T15:21:52Z logger.go:66:               + license            = {
TestTerraformKafkaTopicsExample 2022-08-03T15:21:52Z logger.go:66:                   + directoryPathInContainer = (known after apply)
TestTerraformKafkaTopicsExample 2022-08-03T15:21:52Z logger.go:66:                   + globalLicense            = (known after apply)
TestTerraformKafkaTopicsExample 2022-08-03T15:21:52Z logger.go:66:                   + secretRef                = (known after apply)
TestTerraformKafkaTopicsExample 2022-08-03T15:21:52Z logger.go:66:                 }
TestTerraformKafkaTopicsExample 2022-08-03T15:21:52Z logger.go:66:               + logVolumeCapacity  = "10Gi"
TestTerraformKafkaTopicsExample 2022-08-03T15:21:52Z logger.go:66:               + metrics            = {
TestTerraformKafkaTopicsExample 2022-08-03T15:21:52Z logger.go:66:                   + authentication = {
TestTerraformKafkaTopicsExample 2022-08-03T15:21:52Z logger.go:66:                       + type = (known after apply)
TestTerraformKafkaTopicsExample 2022-08-03T15:21:52Z logger.go:66:                     }
TestTerraformKafkaTopicsExample 2022-08-03T15:21:52Z logger.go:66:                   + prometheus     = {
TestTerraformKafkaTopicsExample 2022-08-03T15:21:52Z logger.go:66:                       + blacklist = (known after apply)
TestTerraformKafkaTopicsExample 2022-08-03T15:21:52Z logger.go:66:                       + rules     = (known after apply)
TestTerraformKafkaTopicsExample 2022-08-03T15:21:52Z logger.go:66:                       + whitelist = (known after apply)
TestTerraformKafkaTopicsExample 2022-08-03T15:21:52Z logger.go:66:                     }
TestTerraformKafkaTopicsExample 2022-08-03T15:21:52Z logger.go:66:                   + tls            = {
TestTerraformKafkaTopicsExample 2022-08-03T15:21:52Z logger.go:66:                       + directoryPathInContainer = (known after apply)
TestTerraformKafkaTopicsExample 2022-08-03T15:21:52Z logger.go:66:                       + enabled                  = (known after apply)
TestTerraformKafkaTopicsExample 2022-08-03T15:21:52Z logger.go:66:                       + ignoreTrustStoreConfig   = (known after apply)
TestTerraformKafkaTopicsExample 2022-08-03T15:21:52Z logger.go:66:                       + jksPassword              = {
TestTerraformKafkaTopicsExample 2022-08-03T15:21:52Z logger.go:66:                           + secretRef = (known after apply)
TestTerraformKafkaTopicsExample 2022-08-03T15:21:52Z logger.go:66:                         }
TestTerraformKafkaTopicsExample 2022-08-03T15:21:52Z logger.go:66:                       + secretRef                = (known after apply)
TestTerraformKafkaTopicsExample 2022-08-03T15:21:52Z logger.go:66:                     }
TestTerraformKafkaTopicsExample 2022-08-03T15:21:52Z logger.go:66:                 }
TestTerraformKafkaTopicsExample 2022-08-03T15:21:52Z logger.go:66:               + mountedSecrets     = (known after apply)
TestTerraformKafkaTopicsExample 2022-08-03T15:21:52Z logger.go:66:               + mountedVolumes     = {
TestTerraformKafkaTopicsExample 2022-08-03T15:21:52Z logger.go:66:                   + volumeMounts = (known after apply)
TestTerraformKafkaTopicsExample 2022-08-03T15:21:52Z logger.go:66:                   + volumes      = (known after apply)
TestTerraformKafkaTopicsExample 2022-08-03T15:21:52Z logger.go:66:                 }
TestTerraformKafkaTopicsExample 2022-08-03T15:21:52Z logger.go:66:               + oneReplicaPerNode  = (known after apply)
TestTerraformKafkaTopicsExample 2022-08-03T15:21:52Z logger.go:66:               + podTemplate        = {
TestTerraformKafkaTopicsExample 2022-08-03T15:21:52Z logger.go:66:                   + affinity                      = {
TestTerraformKafkaTopicsExample 2022-08-03T15:21:52Z logger.go:66:                       + nodeAffinity    = {
TestTerraformKafkaTopicsExample 2022-08-03T15:21:52Z logger.go:66:                           + preferredDuringSchedulingIgnoredDuringExecution = (known after apply)
TestTerraformKafkaTopicsExample 2022-08-03T15:21:52Z logger.go:66:                           + requiredDuringSchedulingIgnoredDuringExecution  = {
TestTerraformKafkaTopicsExample 2022-08-03T15:21:52Z logger.go:66:                               + nodeSelectorTerms = (known after apply)
TestTerraformKafkaTopicsExample 2022-08-03T15:21:52Z logger.go:66:                             }
TestTerraformKafkaTopicsExample 2022-08-03T15:21:52Z logger.go:66:                         }
TestTerraformKafkaTopicsExample 2022-08-03T15:21:52Z logger.go:66:                       + podAffinity     = {
TestTerraformKafkaTopicsExample 2022-08-03T15:21:52Z logger.go:66:                           + preferredDuringSchedulingIgnoredDuringExecution = (known after apply)
TestTerraformKafkaTopicsExample 2022-08-03T15:21:52Z logger.go:66:                           + requiredDuringSchedulingIgnoredDuringExecution  = (known after apply)
TestTerraformKafkaTopicsExample 2022-08-03T15:21:52Z logger.go:66:                         }
TestTerraformKafkaTopicsExample 2022-08-03T15:21:52Z logger.go:66:                       + podAntiAffinity = {
TestTerraformKafkaTopicsExample 2022-08-03T15:21:52Z logger.go:66:                           + preferredDuringSchedulingIgnoredDuringExecution = (known after apply)
TestTerraformKafkaTopicsExample 2022-08-03T15:21:52Z logger.go:66:                           + requiredDuringSchedulingIgnoredDuringExecution  = (known after apply)
TestTerraformKafkaTopicsExample 2022-08-03T15:21:52Z logger.go:66:                         }
TestTerraformKafkaTopicsExample 2022-08-03T15:21:52Z logger.go:66:                     }
TestTerraformKafkaTopicsExample 2022-08-03T15:21:52Z logger.go:66:                   + annotations                   = (known after apply)
TestTerraformKafkaTopicsExample 2022-08-03T15:21:52Z logger.go:66:                   + envVars                       = (known after apply)
TestTerraformKafkaTopicsExample 2022-08-03T15:21:52Z logger.go:66:                   + labels                        = (known after apply)
TestTerraformKafkaTopicsExample 2022-08-03T15:21:52Z logger.go:66:                   + podSecurityContext            = {
TestTerraformKafkaTopicsExample 2022-08-03T15:21:52Z logger.go:66:                       + fsGroup             = (known after apply)
TestTerraformKafkaTopicsExample 2022-08-03T15:21:52Z logger.go:66:                       + fsGroupChangePolicy = (known after apply)
TestTerraformKafkaTopicsExample 2022-08-03T15:21:52Z logger.go:66:                       + runAsGroup          = (known after apply)
TestTerraformKafkaTopicsExample 2022-08-03T15:21:52Z logger.go:66:                       + runAsNonRoot        = (known after apply)
TestTerraformKafkaTopicsExample 2022-08-03T15:21:52Z logger.go:66:                       + runAsUser           = (known after apply)
TestTerraformKafkaTopicsExample 2022-08-03T15:21:52Z logger.go:66:                       + seLinuxOptions      = {
TestTerraformKafkaTopicsExample 2022-08-03T15:21:52Z logger.go:66:                           + level = (known after apply)
TestTerraformKafkaTopicsExample 2022-08-03T15:21:52Z logger.go:66:                           + role  = (known after apply)
TestTerraformKafkaTopicsExample 2022-08-03T15:21:52Z logger.go:66:                           + type  = (known after apply)
TestTerraformKafkaTopicsExample 2022-08-03T15:21:52Z logger.go:66:                           + user  = (known after apply)
TestTerraformKafkaTopicsExample 2022-08-03T15:21:52Z logger.go:66:                         }
TestTerraformKafkaTopicsExample 2022-08-03T15:21:52Z logger.go:66:                       + seccompProfile      = {
TestTerraformKafkaTopicsExample 2022-08-03T15:21:52Z logger.go:66:                           + localhostProfile = (known after apply)
TestTerraformKafkaTopicsExample 2022-08-03T15:21:52Z logger.go:66:                           + type             = (known after apply)
TestTerraformKafkaTopicsExample 2022-08-03T15:21:52Z logger.go:66:                         }
TestTerraformKafkaTopicsExample 2022-08-03T15:21:52Z logger.go:66:                       + supplementalGroups  = (known after apply)
TestTerraformKafkaTopicsExample 2022-08-03T15:21:52Z logger.go:66:                       + sysctls             = (known after apply)
TestTerraformKafkaTopicsExample 2022-08-03T15:21:52Z logger.go:66:                       + windowsOptions      = {
TestTerraformKafkaTopicsExample 2022-08-03T15:21:52Z logger.go:66:                           + gmsaCredentialSpec     = (known after apply)
TestTerraformKafkaTopicsExample 2022-08-03T15:21:52Z logger.go:66:                           + gmsaCredentialSpecName = (known after apply)
TestTerraformKafkaTopicsExample 2022-08-03T15:21:52Z logger.go:66:                           + hostProcess            = (known after apply)
TestTerraformKafkaTopicsExample 2022-08-03T15:21:52Z logger.go:66:                           + runAsUserName          = (known after apply)
TestTerraformKafkaTopicsExample 2022-08-03T15:21:52Z logger.go:66:                         }
TestTerraformKafkaTopicsExample 2022-08-03T15:21:52Z logger.go:66:                     }
TestTerraformKafkaTopicsExample 2022-08-03T15:21:52Z logger.go:66:                   + priorityClassName             = (known after apply)
TestTerraformKafkaTopicsExample 2022-08-03T15:21:52Z logger.go:66:                   + probe                         = {
TestTerraformKafkaTopicsExample 2022-08-03T15:21:52Z logger.go:66:                       + liveness  = {
TestTerraformKafkaTopicsExample 2022-08-03T15:21:52Z logger.go:66:                           + failureThreshold    = (known after apply)
TestTerraformKafkaTopicsExample 2022-08-03T15:21:52Z logger.go:66:                           + initialDelaySeconds = (known after apply)
TestTerraformKafkaTopicsExample 2022-08-03T15:21:52Z logger.go:66:                           + periodSeconds       = (known after apply)
TestTerraformKafkaTopicsExample 2022-08-03T15:21:52Z logger.go:66:                           + successThreshold    = (known after apply)
TestTerraformKafkaTopicsExample 2022-08-03T15:21:52Z logger.go:66:                           + timeoutSeconds      = (known after apply)
TestTerraformKafkaTopicsExample 2022-08-03T15:21:52Z logger.go:66:                         }
TestTerraformKafkaTopicsExample 2022-08-03T15:21:52Z logger.go:66:                       + readiness = {
TestTerraformKafkaTopicsExample 2022-08-03T15:21:52Z logger.go:66:                           + failureThreshold    = (known after apply)
TestTerraformKafkaTopicsExample 2022-08-03T15:21:52Z logger.go:66:                           + initialDelaySeconds = (known after apply)
TestTerraformKafkaTopicsExample 2022-08-03T15:21:52Z logger.go:66:                           + periodSeconds       = (known after apply)
TestTerraformKafkaTopicsExample 2022-08-03T15:21:52Z logger.go:66:                           + successThreshold    = (known after apply)
TestTerraformKafkaTopicsExample 2022-08-03T15:21:52Z logger.go:66:                           + timeoutSeconds      = (known after apply)
TestTerraformKafkaTopicsExample 2022-08-03T15:21:52Z logger.go:66:                         }
TestTerraformKafkaTopicsExample 2022-08-03T15:21:52Z logger.go:66:                     }
TestTerraformKafkaTopicsExample 2022-08-03T15:21:52Z logger.go:66:                   + resources                     = {
TestTerraformKafkaTopicsExample 2022-08-03T15:21:52Z logger.go:66:                       + limits   = (known after apply)
TestTerraformKafkaTopicsExample 2022-08-03T15:21:52Z logger.go:66:                       + requests = (known after apply)
TestTerraformKafkaTopicsExample 2022-08-03T15:21:52Z logger.go:66:                     }
TestTerraformKafkaTopicsExample 2022-08-03T15:21:52Z logger.go:66:                   + securityContext               = {
TestTerraformKafkaTopicsExample 2022-08-03T15:21:52Z logger.go:66:                       + allowPrivilegeEscalation = (known after apply)
TestTerraformKafkaTopicsExample 2022-08-03T15:21:52Z logger.go:66:                       + capabilities             = {
TestTerraformKafkaTopicsExample 2022-08-03T15:21:52Z logger.go:66:                           + add  = (known after apply)
TestTerraformKafkaTopicsExample 2022-08-03T15:21:52Z logger.go:66:                           + drop = (known after apply)
TestTerraformKafkaTopicsExample 2022-08-03T15:21:52Z logger.go:66:                         }
TestTerraformKafkaTopicsExample 2022-08-03T15:21:52Z logger.go:66:                       + privileged               = (known after apply)
TestTerraformKafkaTopicsExample 2022-08-03T15:21:52Z logger.go:66:                       + procMount                = (known after apply)
TestTerraformKafkaTopicsExample 2022-08-03T15:21:52Z logger.go:66:                       + readOnlyRootFilesystem   = (known after apply)
TestTerraformKafkaTopicsExample 2022-08-03T15:21:52Z logger.go:66:                       + runAsGroup               = (known after apply)
TestTerraformKafkaTopicsExample 2022-08-03T15:21:52Z logger.go:66:                       + runAsNonRoot             = (known after apply)
TestTerraformKafkaTopicsExample 2022-08-03T15:21:52Z logger.go:66:                       + runAsUser                = (known after apply)
TestTerraformKafkaTopicsExample 2022-08-03T15:21:52Z logger.go:66:                       + seLinuxOptions           = {
TestTerraformKafkaTopicsExample 2022-08-03T15:21:52Z logger.go:66:                           + level = (known after apply)
TestTerraformKafkaTopicsExample 2022-08-03T15:21:52Z logger.go:66:                           + role  = (known after apply)
TestTerraformKafkaTopicsExample 2022-08-03T15:21:52Z logger.go:66:                           + type  = (known after apply)
TestTerraformKafkaTopicsExample 2022-08-03T15:21:52Z logger.go:66:                           + user  = (known after apply)
TestTerraformKafkaTopicsExample 2022-08-03T15:21:52Z logger.go:66:                         }
TestTerraformKafkaTopicsExample 2022-08-03T15:21:52Z logger.go:66:                       + seccompProfile           = {
TestTerraformKafkaTopicsExample 2022-08-03T15:21:52Z logger.go:66:                           + localhostProfile = (known after apply)
TestTerraformKafkaTopicsExample 2022-08-03T15:21:52Z logger.go:66:                           + type             = (known after apply)
TestTerraformKafkaTopicsExample 2022-08-03T15:21:52Z logger.go:66:                         }
TestTerraformKafkaTopicsExample 2022-08-03T15:21:52Z logger.go:66:                       + windowsOptions           = {
TestTerraformKafkaTopicsExample 2022-08-03T15:21:52Z logger.go:66:                           + gmsaCredentialSpec     = (known after apply)
TestTerraformKafkaTopicsExample 2022-08-03T15:21:52Z logger.go:66:                           + gmsaCredentialSpecName = (known after apply)
TestTerraformKafkaTopicsExample 2022-08-03T15:21:52Z logger.go:66:                           + hostProcess            = (known after apply)
TestTerraformKafkaTopicsExample 2022-08-03T15:21:52Z logger.go:66:                           + runAsUserName          = (known after apply)
TestTerraformKafkaTopicsExample 2022-08-03T15:21:52Z logger.go:66:                         }
TestTerraformKafkaTopicsExample 2022-08-03T15:21:52Z logger.go:66:                     }
TestTerraformKafkaTopicsExample 2022-08-03T15:21:52Z logger.go:66:                   + serviceAccountName            = (known after apply)
TestTerraformKafkaTopicsExample 2022-08-03T15:21:52Z logger.go:66:                   + terminationGracePeriodSeconds = (known after apply)
TestTerraformKafkaTopicsExample 2022-08-03T15:21:52Z logger.go:66:                   + tolerations                   = (known after apply)
TestTerraformKafkaTopicsExample 2022-08-03T15:21:52Z logger.go:66:                   + topologySpreadConstraints     = (known after apply)
TestTerraformKafkaTopicsExample 2022-08-03T15:21:52Z logger.go:66:                 }
TestTerraformKafkaTopicsExample 2022-08-03T15:21:52Z logger.go:66:               + replicas           = 3
TestTerraformKafkaTopicsExample 2022-08-03T15:21:52Z logger.go:66:               + storageClass       = {
TestTerraformKafkaTopicsExample 2022-08-03T15:21:52Z logger.go:66:                   + name = (known after apply)
TestTerraformKafkaTopicsExample 2022-08-03T15:21:52Z logger.go:66:                 }
TestTerraformKafkaTopicsExample 2022-08-03T15:21:52Z logger.go:66:               + tls                = {
TestTerraformKafkaTopicsExample 2022-08-03T15:21:52Z logger.go:66:                   + autoGeneratedCerts       = (known after apply)
TestTerraformKafkaTopicsExample 2022-08-03T15:21:52Z logger.go:66:                   + directoryPathInContainer = (known after apply)
TestTerraformKafkaTopicsExample 2022-08-03T15:21:52Z logger.go:66:                   + ignoreTrustStoreConfig   = (known after apply)
TestTerraformKafkaTopicsExample 2022-08-03T15:21:52Z logger.go:66:                   + jksPassword              = {
TestTerraformKafkaTopicsExample 2022-08-03T15:21:52Z logger.go:66:                       + secretRef = (known after apply)
TestTerraformKafkaTopicsExample 2022-08-03T15:21:52Z logger.go:66:                     }
TestTerraformKafkaTopicsExample 2022-08-03T15:21:52Z logger.go:66:                   + secretRef                = (known after apply)
TestTerraformKafkaTopicsExample 2022-08-03T15:21:52Z logger.go:66:                 }
TestTerraformKafkaTopicsExample 2022-08-03T15:21:52Z logger.go:66:             }
TestTerraformKafkaTopicsExample 2022-08-03T15:21:52Z logger.go:66:         }
TestTerraformKafkaTopicsExample 2022-08-03T15:21:52Z logger.go:66:
TestTerraformKafkaTopicsExample 2022-08-03T15:21:52Z logger.go:66:       + timeouts {
TestTerraformKafkaTopicsExample 2022-08-03T15:21:52Z logger.go:66:           + create = "1h"
TestTerraformKafkaTopicsExample 2022-08-03T15:21:52Z logger.go:66:           + delete = "10m"
TestTerraformKafkaTopicsExample 2022-08-03T15:21:52Z logger.go:66:           + update = "1h"
TestTerraformKafkaTopicsExample 2022-08-03T15:21:52Z logger.go:66:         }
TestTerraformKafkaTopicsExample 2022-08-03T15:21:52Z logger.go:66:
TestTerraformKafkaTopicsExample 2022-08-03T15:21:52Z logger.go:66:       + wait {
TestTerraformKafkaTopicsExample 2022-08-03T15:21:52Z logger.go:66:           + fields = {
TestTerraformKafkaTopicsExample 2022-08-03T15:21:52Z logger.go:66:               + "status.phase" = "RUNNING"
TestTerraformKafkaTopicsExample 2022-08-03T15:21:52Z logger.go:66:             }
TestTerraformKafkaTopicsExample 2022-08-03T15:21:52Z logger.go:66:         }
TestTerraformKafkaTopicsExample 2022-08-03T15:21:52Z logger.go:66:     }
TestTerraformKafkaTopicsExample 2022-08-03T15:21:52Z logger.go:66:
TestTerraformKafkaTopicsExample 2022-08-03T15:21:52Z logger.go:66:   # module.confluent_platform.module.confluent_platform.module.confluent_operator[0].helm_release.confluent_operator[0] will be created
TestTerraformKafkaTopicsExample 2022-08-03T15:21:52Z logger.go:66:   + resource "helm_release" "confluent_operator" {
TestTerraformKafkaTopicsExample 2022-08-03T15:21:52Z logger.go:66:       + atomic                     = false
TestTerraformKafkaTopicsExample 2022-08-03T15:21:52Z logger.go:66:       + chart                      = "confluent-for-kubernetes"
TestTerraformKafkaTopicsExample 2022-08-03T15:21:52Z logger.go:66:       + cleanup_on_fail            = false
TestTerraformKafkaTopicsExample 2022-08-03T15:21:52Z logger.go:66:       + create_namespace           = false
TestTerraformKafkaTopicsExample 2022-08-03T15:21:52Z logger.go:66:       + dependency_update          = false
TestTerraformKafkaTopicsExample 2022-08-03T15:21:52Z logger.go:66:       + disable_crd_hooks          = false
TestTerraformKafkaTopicsExample 2022-08-03T15:21:52Z logger.go:66:       + disable_openapi_validation = false
TestTerraformKafkaTopicsExample 2022-08-03T15:21:52Z logger.go:66:       + disable_webhooks           = false
TestTerraformKafkaTopicsExample 2022-08-03T15:21:52Z logger.go:66:       + force_update               = false
TestTerraformKafkaTopicsExample 2022-08-03T15:21:52Z logger.go:66:       + id                         = (known after apply)
TestTerraformKafkaTopicsExample 2022-08-03T15:21:52Z logger.go:66:       + lint                       = false
TestTerraformKafkaTopicsExample 2022-08-03T15:21:52Z logger.go:66:       + manifest                   = (known after apply)
TestTerraformKafkaTopicsExample 2022-08-03T15:21:52Z logger.go:66:       + max_history                = 0
TestTerraformKafkaTopicsExample 2022-08-03T15:21:52Z logger.go:66:       + metadata                   = (known after apply)
TestTerraformKafkaTopicsExample 2022-08-03T15:21:52Z logger.go:66:       + name                       = "confluent-operator"
TestTerraformKafkaTopicsExample 2022-08-03T15:21:52Z logger.go:66:       + namespace                  = "confluent"
TestTerraformKafkaTopicsExample 2022-08-03T15:21:52Z logger.go:66:       + pass_credentials           = false
TestTerraformKafkaTopicsExample 2022-08-03T15:21:52Z logger.go:66:       + recreate_pods              = false
TestTerraformKafkaTopicsExample 2022-08-03T15:21:52Z logger.go:66:       + render_subchart_notes      = true
TestTerraformKafkaTopicsExample 2022-08-03T15:21:52Z logger.go:66:       + replace                    = false
TestTerraformKafkaTopicsExample 2022-08-03T15:21:52Z logger.go:66:       + repository                 = "https://packages.confluent.io/helm"
TestTerraformKafkaTopicsExample 2022-08-03T15:21:52Z logger.go:66:       + reset_values               = false
TestTerraformKafkaTopicsExample 2022-08-03T15:21:52Z logger.go:66:       + reuse_values               = false
TestTerraformKafkaTopicsExample 2022-08-03T15:21:52Z logger.go:66:       + skip_crds                  = false
TestTerraformKafkaTopicsExample 2022-08-03T15:21:52Z logger.go:66:       + status                     = "deployed"
TestTerraformKafkaTopicsExample 2022-08-03T15:21:52Z logger.go:66:       + timeout                    = 300
TestTerraformKafkaTopicsExample 2022-08-03T15:21:52Z logger.go:66:       + values                     = []
TestTerraformKafkaTopicsExample 2022-08-03T15:21:52Z logger.go:66:       + verify                     = false
TestTerraformKafkaTopicsExample 2022-08-03T15:21:52Z logger.go:66:       + version                    = "0.517.23"
TestTerraformKafkaTopicsExample 2022-08-03T15:21:52Z logger.go:66:       + wait                       = true
TestTerraformKafkaTopicsExample 2022-08-03T15:21:52Z logger.go:66:       + wait_for_jobs              = true
TestTerraformKafkaTopicsExample 2022-08-03T15:21:52Z logger.go:66:     }
TestTerraformKafkaTopicsExample 2022-08-03T15:21:52Z logger.go:66:
TestTerraformKafkaTopicsExample 2022-08-03T15:21:52Z logger.go:66:   # module.confluent_platform.module.confluent_platform.module.confluent_operator[0].kubernetes_namespace_v1.namespace[0] will be created
TestTerraformKafkaTopicsExample 2022-08-03T15:21:52Z logger.go:66:   + resource "kubernetes_namespace_v1" "namespace" {
TestTerraformKafkaTopicsExample 2022-08-03T15:21:52Z logger.go:66:       + id = (known after apply)
TestTerraformKafkaTopicsExample 2022-08-03T15:21:52Z logger.go:66:
TestTerraformKafkaTopicsExample 2022-08-03T15:21:52Z logger.go:66:       + metadata {
TestTerraformKafkaTopicsExample 2022-08-03T15:21:52Z logger.go:66:           + generation       = (known after apply)
TestTerraformKafkaTopicsExample 2022-08-03T15:21:52Z logger.go:66:           + name             = "confluent"
TestTerraformKafkaTopicsExample 2022-08-03T15:21:52Z logger.go:66:           + resource_version = (known after apply)
TestTerraformKafkaTopicsExample 2022-08-03T15:21:52Z logger.go:66:           + uid              = (known after apply)
TestTerraformKafkaTopicsExample 2022-08-03T15:21:52Z logger.go:66:         }
TestTerraformKafkaTopicsExample 2022-08-03T15:21:52Z logger.go:66:     }
TestTerraformKafkaTopicsExample 2022-08-03T15:21:52Z logger.go:66:
TestTerraformKafkaTopicsExample 2022-08-03T15:21:52Z logger.go:66: Plan: 11 to add, 0 to change, 0 to destroy.
TestTerraformKafkaTopicsExample 2022-08-03T15:21:52Z logger.go:66:
TestTerraformKafkaTopicsExample 2022-08-03T15:21:52Z logger.go:66: Changes to Outputs:
TestTerraformKafkaTopicsExample 2022-08-03T15:21:52Z logger.go:66:   + kafka_topic       = (known after apply)
TestTerraformKafkaTopicsExample 2022-08-03T15:21:52Z logger.go:66:   + other_kafka_topic = (known after apply)
TestTerraformKafkaTopicsExample 2022-08-03T15:21:54Z logger.go:66: module.confluent_platform.module.confluent_platform.module.confluent_operator[0].kubernetes_namespace_v1.namespace[0]: Creating...
TestTerraformKafkaTopicsExample 2022-08-03T15:21:54Z logger.go:66: module.confluent_platform.module.confluent_platform.module.confluent_operator[0].kubernetes_namespace_v1.namespace[0]: Creation complete after 0s [id=confluent]
TestTerraformKafkaTopicsExample 2022-08-03T15:21:54Z logger.go:66: module.confluent_platform.module.confluent_platform.module.confluent_operator[0].helm_release.confluent_operator[0]: Creating...
TestTerraformKafkaTopicsExample 2022-08-03T15:22:01Z logger.go:66: module.confluent_platform.module.confluent_platform.module.confluent_operator[0].helm_release.confluent_operator[0]: Creation complete after 7s [id=confluent-operator]
TestTerraformKafkaTopicsExample 2022-08-03T15:22:05Z logger.go:66: module.confluent_platform.module.confluent_platform.kubernetes_manifest.components["zookeeper"]: Creating...
TestTerraformKafkaTopicsExample 2022-08-03T15:22:06Z logger.go:66: module.confluent_platform.module.confluent_platform.kubernetes_manifest.components["kafkarestproxy"]: Creating...
TestTerraformKafkaTopicsExample 2022-08-03T15:22:06Z logger.go:66: module.confluent_platform.module.confluent_platform.kubernetes_manifest.components["schemaregistry"]: Creating...
TestTerraformKafkaTopicsExample 2022-08-03T15:22:06Z logger.go:66: module.confluent_platform.module.confluent_platform.kubernetes_manifest.components["ksqldb"]: Creating...
TestTerraformKafkaTopicsExample 2022-08-03T15:22:06Z logger.go:66: module.confluent_platform.module.confluent_platform.kubernetes_manifest.components["controlcenter"]: Creating...
TestTerraformKafkaTopicsExample 2022-08-03T15:22:06Z logger.go:66: module.confluent_platform.module.confluent_platform.kubernetes_manifest.components["kafka"]: Creating...
TestTerraformKafkaTopicsExample 2022-08-03T15:22:07Z logger.go:66: module.confluent_platform.module.confluent_platform.kubernetes_manifest.components["connect"]: Creating...
TestTerraformKafkaTopicsExample 2022-08-03T15:22:15Z logger.go:66: module.confluent_platform.module.confluent_platform.kubernetes_manifest.components["zookeeper"]: Still creating... [10s elapsed]
TestTerraformKafkaTopicsExample 2022-08-03T15:22:16Z logger.go:66: module.confluent_platform.module.confluent_platform.kubernetes_manifest.components["kafkarestproxy"]: Still creating... [10s elapsed]
TestTerraformKafkaTopicsExample 2022-08-03T15:22:16Z logger.go:66: module.confluent_platform.module.confluent_platform.kubernetes_manifest.components["schemaregistry"]: Still creating... [10s elapsed]
TestTerraformKafkaTopicsExample 2022-08-03T15:22:16Z logger.go:66: module.confluent_platform.module.confluent_platform.kubernetes_manifest.components["ksqldb"]: Still creating... [10s elapsed]
TestTerraformKafkaTopicsExample 2022-08-03T15:22:16Z logger.go:66: module.confluent_platform.module.confluent_platform.kubernetes_manifest.components["controlcenter"]: Still creating... [10s elapsed]
TestTerraformKafkaTopicsExample 2022-08-03T15:22:16Z logger.go:66: module.confluent_platform.module.confluent_platform.kubernetes_manifest.components["kafka"]: Still creating... [10s elapsed]
TestTerraformKafkaTopicsExample 2022-08-03T15:22:17Z logger.go:66: module.confluent_platform.module.confluent_platform.kubernetes_manifest.components["connect"]: Still creating... [10s elapsed]
TestTerraformKafkaTopicsExample 2022-08-03T15:22:25Z logger.go:66: module.confluent_platform.module.confluent_platform.kubernetes_manifest.components["zookeeper"]: Still creating... [20s elapsed]
TestTerraformKafkaTopicsExample 2022-08-03T15:22:26Z logger.go:66: module.confluent_platform.module.confluent_platform.kubernetes_manifest.components["kafkarestproxy"]: Still creating... [20s elapsed]
TestTerraformKafkaTopicsExample 2022-08-03T15:22:26Z logger.go:66: module.confluent_platform.module.confluent_platform.kubernetes_manifest.components["schemaregistry"]: Still creating... [20s elapsed]
TestTerraformKafkaTopicsExample 2022-08-03T15:22:26Z logger.go:66: module.confluent_platform.module.confluent_platform.kubernetes_manifest.components["ksqldb"]: Still creating... [20s elapsed]
TestTerraformKafkaTopicsExample 2022-08-03T15:22:26Z logger.go:66: module.confluent_platform.module.confluent_platform.kubernetes_manifest.components["controlcenter"]: Still creating... [20s elapsed]
TestTerraformKafkaTopicsExample 2022-08-03T15:22:26Z logger.go:66: module.confluent_platform.module.confluent_platform.kubernetes_manifest.components["kafka"]: Still creating... [20s elapsed]
TestTerraformKafkaTopicsExample 2022-08-03T15:22:27Z logger.go:66: module.confluent_platform.module.confluent_platform.kubernetes_manifest.components["connect"]: Still creating... [20s elapsed]
TestTerraformKafkaTopicsExample 2022-08-03T15:22:35Z logger.go:66: module.confluent_platform.module.confluent_platform.kubernetes_manifest.components["zookeeper"]: Still creating... [30s elapsed]
TestTerraformKafkaTopicsExample 2022-08-03T15:22:36Z logger.go:66: module.confluent_platform.module.confluent_platform.kubernetes_manifest.components["kafkarestproxy"]: Still creating... [30s elapsed]
TestTerraformKafkaTopicsExample 2022-08-03T15:22:36Z logger.go:66: module.confluent_platform.module.confluent_platform.kubernetes_manifest.components["schemaregistry"]: Still creating... [30s elapsed]
TestTerraformKafkaTopicsExample 2022-08-03T15:22:36Z logger.go:66: module.confluent_platform.module.confluent_platform.kubernetes_manifest.components["ksqldb"]: Still creating... [30s elapsed]
TestTerraformKafkaTopicsExample 2022-08-03T15:22:36Z logger.go:66: module.confluent_platform.module.confluent_platform.kubernetes_manifest.components["controlcenter"]: Still creating... [30s elapsed]
TestTerraformKafkaTopicsExample 2022-08-03T15:22:36Z logger.go:66: module.confluent_platform.module.confluent_platform.kubernetes_manifest.components["kafka"]: Still creating... [30s elapsed]
TestTerraformKafkaTopicsExample 2022-08-03T15:22:37Z logger.go:66: module.confluent_platform.module.confluent_platform.kubernetes_manifest.components["connect"]: Still creating... [30s elapsed]
TestTerraformKafkaTopicsExample 2022-08-03T15:22:45Z logger.go:66: module.confluent_platform.module.confluent_platform.kubernetes_manifest.components["zookeeper"]: Still creating... [40s elapsed]
TestTerraformKafkaTopicsExample 2022-08-03T15:22:46Z logger.go:66: module.confluent_platform.module.confluent_platform.kubernetes_manifest.components["kafkarestproxy"]: Still creating... [40s elapsed]
TestTerraformKafkaTopicsExample 2022-08-03T15:22:46Z logger.go:66: module.confluent_platform.module.confluent_platform.kubernetes_manifest.components["schemaregistry"]: Still creating... [40s elapsed]
TestTerraformKafkaTopicsExample 2022-08-03T15:22:46Z logger.go:66: module.confluent_platform.module.confluent_platform.kubernetes_manifest.components["ksqldb"]: Still creating... [40s elapsed]
TestTerraformKafkaTopicsExample 2022-08-03T15:22:46Z logger.go:66: module.confluent_platform.module.confluent_platform.kubernetes_manifest.components["controlcenter"]: Still creating... [40s elapsed]
TestTerraformKafkaTopicsExample 2022-08-03T15:22:46Z logger.go:66: module.confluent_platform.module.confluent_platform.kubernetes_manifest.components["kafka"]: Still creating... [40s elapsed]
TestTerraformKafkaTopicsExample 2022-08-03T15:22:46Z logger.go:66: module.confluent_platform.module.confluent_platform.kubernetes_manifest.components["connect"]: Still creating... [40s elapsed]
TestTerraformKafkaTopicsExample 2022-08-03T15:22:51Z logger.go:66: module.confluent_platform.module.confluent_platform.kubernetes_manifest.components["zookeeper"]: Creation complete after 46s
TestTerraformKafkaTopicsExample 2022-08-03T15:22:56Z logger.go:66: module.confluent_platform.module.confluent_platform.kubernetes_manifest.components["kafkarestproxy"]: Still creating... [50s elapsed]
TestTerraformKafkaTopicsExample 2022-08-03T15:22:56Z logger.go:66: module.confluent_platform.module.confluent_platform.kubernetes_manifest.components["schemaregistry"]: Still creating... [50s elapsed]
TestTerraformKafkaTopicsExample 2022-08-03T15:22:56Z logger.go:66: module.confluent_platform.module.confluent_platform.kubernetes_manifest.components["ksqldb"]: Still creating... [50s elapsed]
TestTerraformKafkaTopicsExample 2022-08-03T15:22:56Z logger.go:66: module.confluent_platform.module.confluent_platform.kubernetes_manifest.components["controlcenter"]: Still creating... [50s elapsed]
TestTerraformKafkaTopicsExample 2022-08-03T15:22:56Z logger.go:66: module.confluent_platform.module.confluent_platform.kubernetes_manifest.components["kafka"]: Still creating... [50s elapsed]
TestTerraformKafkaTopicsExample 2022-08-03T15:22:56Z logger.go:66: module.confluent_platform.module.confluent_platform.kubernetes_manifest.components["connect"]: Still creating... [50s elapsed]
TestTerraformKafkaTopicsExample 2022-08-03T15:23:06Z logger.go:66: module.confluent_platform.module.confluent_platform.kubernetes_manifest.components["kafkarestproxy"]: Still creating... [1m0s elapsed]
TestTerraformKafkaTopicsExample 2022-08-03T15:23:06Z logger.go:66: module.confluent_platform.module.confluent_platform.kubernetes_manifest.components["schemaregistry"]: Still creating... [1m0s elapsed]
TestTerraformKafkaTopicsExample 2022-08-03T15:23:06Z logger.go:66: module.confluent_platform.module.confluent_platform.kubernetes_manifest.components["ksqldb"]: Still creating... [1m0s elapsed]
TestTerraformKafkaTopicsExample 2022-08-03T15:23:06Z logger.go:66: module.confluent_platform.module.confluent_platform.kubernetes_manifest.components["controlcenter"]: Still creating... [1m0s elapsed]
TestTerraformKafkaTopicsExample 2022-08-03T15:23:06Z logger.go:66: module.confluent_platform.module.confluent_platform.kubernetes_manifest.components["kafka"]: Still creating... [1m0s elapsed]
TestTerraformKafkaTopicsExample 2022-08-03T15:23:06Z logger.go:66: module.confluent_platform.module.confluent_platform.kubernetes_manifest.components["connect"]: Still creating... [1m0s elapsed]
TestTerraformKafkaTopicsExample 2022-08-03T15:23:16Z logger.go:66: module.confluent_platform.module.confluent_platform.kubernetes_manifest.components["kafkarestproxy"]: Still creating... [1m10s elapsed]
TestTerraformKafkaTopicsExample 2022-08-03T15:23:16Z logger.go:66: module.confluent_platform.module.confluent_platform.kubernetes_manifest.components["schemaregistry"]: Still creating... [1m10s elapsed]
TestTerraformKafkaTopicsExample 2022-08-03T15:23:16Z logger.go:66: module.confluent_platform.module.confluent_platform.kubernetes_manifest.components["ksqldb"]: Still creating... [1m10s elapsed]
TestTerraformKafkaTopicsExample 2022-08-03T15:23:16Z logger.go:66: module.confluent_platform.module.confluent_platform.kubernetes_manifest.components["controlcenter"]: Still creating... [1m10s elapsed]
TestTerraformKafkaTopicsExample 2022-08-03T15:23:16Z logger.go:66: module.confluent_platform.module.confluent_platform.kubernetes_manifest.components["kafka"]: Still creating... [1m10s elapsed]
TestTerraformKafkaTopicsExample 2022-08-03T15:23:16Z logger.go:66: module.confluent_platform.module.confluent_platform.kubernetes_manifest.components["connect"]: Still creating... [1m10s elapsed]
TestTerraformKafkaTopicsExample 2022-08-03T15:23:26Z logger.go:66: module.confluent_platform.module.confluent_platform.kubernetes_manifest.components["kafkarestproxy"]: Still creating... [1m20s elapsed]
TestTerraformKafkaTopicsExample 2022-08-03T15:23:26Z logger.go:66: module.confluent_platform.module.confluent_platform.kubernetes_manifest.components["schemaregistry"]: Still creating... [1m20s elapsed]
TestTerraformKafkaTopicsExample 2022-08-03T15:23:26Z logger.go:66: module.confluent_platform.module.confluent_platform.kubernetes_manifest.components["ksqldb"]: Still creating... [1m20s elapsed]
TestTerraformKafkaTopicsExample 2022-08-03T15:23:26Z logger.go:66: module.confluent_platform.module.confluent_platform.kubernetes_manifest.components["controlcenter"]: Still creating... [1m20s elapsed]
TestTerraformKafkaTopicsExample 2022-08-03T15:23:26Z logger.go:66: module.confluent_platform.module.confluent_platform.kubernetes_manifest.components["kafka"]: Still creating... [1m20s elapsed]
TestTerraformKafkaTopicsExample 2022-08-03T15:23:26Z logger.go:66: module.confluent_platform.module.confluent_platform.kubernetes_manifest.components["connect"]: Still creating... [1m20s elapsed]
TestTerraformKafkaTopicsExample 2022-08-03T15:23:36Z logger.go:66: module.confluent_platform.module.confluent_platform.kubernetes_manifest.components["kafkarestproxy"]: Still creating... [1m30s elapsed]
TestTerraformKafkaTopicsExample 2022-08-03T15:23:36Z logger.go:66: module.confluent_platform.module.confluent_platform.kubernetes_manifest.components["schemaregistry"]: Still creating... [1m30s elapsed]
TestTerraformKafkaTopicsExample 2022-08-03T15:23:36Z logger.go:66: module.confluent_platform.module.confluent_platform.kubernetes_manifest.components["ksqldb"]: Still creating... [1m30s elapsed]
TestTerraformKafkaTopicsExample 2022-08-03T15:23:36Z logger.go:66: module.confluent_platform.module.confluent_platform.kubernetes_manifest.components["controlcenter"]: Still creating... [1m30s elapsed]
TestTerraformKafkaTopicsExample 2022-08-03T15:23:36Z logger.go:66: module.confluent_platform.module.confluent_platform.kubernetes_manifest.components["kafka"]: Still creating... [1m30s elapsed]
TestTerraformKafkaTopicsExample 2022-08-03T15:23:36Z logger.go:66: module.confluent_platform.module.confluent_platform.kubernetes_manifest.components["connect"]: Still creating... [1m30s elapsed]
TestTerraformKafkaTopicsExample 2022-08-03T15:23:37Z logger.go:66: module.confluent_platform.module.confluent_platform.kubernetes_manifest.components["kafka"]: Creation complete after 1m30s
TestTerraformKafkaTopicsExample 2022-08-03T15:23:46Z logger.go:66: module.confluent_platform.module.confluent_platform.kubernetes_manifest.components["kafkarestproxy"]: Still creating... [1m40s elapsed]
TestTerraformKafkaTopicsExample 2022-08-03T15:23:46Z logger.go:66: module.confluent_platform.module.confluent_platform.kubernetes_manifest.components["schemaregistry"]: Still creating... [1m40s elapsed]
TestTerraformKafkaTopicsExample 2022-08-03T15:23:46Z logger.go:66: module.confluent_platform.module.confluent_platform.kubernetes_manifest.components["ksqldb"]: Still creating... [1m40s elapsed]
TestTerraformKafkaTopicsExample 2022-08-03T15:23:46Z logger.go:66: module.confluent_platform.module.confluent_platform.kubernetes_manifest.components["controlcenter"]: Still creating... [1m40s elapsed]
TestTerraformKafkaTopicsExample 2022-08-03T15:23:46Z logger.go:66: module.confluent_platform.module.confluent_platform.kubernetes_manifest.components["connect"]: Still creating... [1m40s elapsed]
TestTerraformKafkaTopicsExample 2022-08-03T15:23:53Z logger.go:66: module.confluent_platform.module.confluent_platform.kubernetes_manifest.components["connect"]: Creation complete after 1m47s
TestTerraformKafkaTopicsExample 2022-08-03T15:23:56Z logger.go:66: module.confluent_platform.module.confluent_platform.kubernetes_manifest.components["kafkarestproxy"]: Still creating... [1m50s elapsed]
TestTerraformKafkaTopicsExample 2022-08-03T15:23:56Z logger.go:66: module.confluent_platform.module.confluent_platform.kubernetes_manifest.components["schemaregistry"]: Still creating... [1m50s elapsed]
TestTerraformKafkaTopicsExample 2022-08-03T15:23:56Z logger.go:66: module.confluent_platform.module.confluent_platform.kubernetes_manifest.components["ksqldb"]: Still creating... [1m50s elapsed]
TestTerraformKafkaTopicsExample 2022-08-03T15:23:56Z logger.go:66: module.confluent_platform.module.confluent_platform.kubernetes_manifest.components["controlcenter"]: Still creating... [1m50s elapsed]
TestTerraformKafkaTopicsExample 2022-08-03T15:24:06Z logger.go:66: module.confluent_platform.module.confluent_platform.kubernetes_manifest.components["schemaregistry"]: Still creating... [2m0s elapsed]
TestTerraformKafkaTopicsExample 2022-08-03T15:24:06Z logger.go:66: module.confluent_platform.module.confluent_platform.kubernetes_manifest.components["kafkarestproxy"]: Still creating... [2m0s elapsed]
TestTerraformKafkaTopicsExample 2022-08-03T15:24:06Z logger.go:66: module.confluent_platform.module.confluent_platform.kubernetes_manifest.components["ksqldb"]: Still creating... [2m0s elapsed]
TestTerraformKafkaTopicsExample 2022-08-03T15:24:06Z logger.go:66: module.confluent_platform.module.confluent_platform.kubernetes_manifest.components["controlcenter"]: Still creating... [2m0s elapsed]
TestTerraformKafkaTopicsExample 2022-08-03T15:24:16Z logger.go:66: module.confluent_platform.module.confluent_platform.kubernetes_manifest.components["schemaregistry"]: Still creating... [2m10s elapsed]
TestTerraformKafkaTopicsExample 2022-08-03T15:24:16Z logger.go:66: module.confluent_platform.module.confluent_platform.kubernetes_manifest.components["kafkarestproxy"]: Still creating... [2m10s elapsed]
TestTerraformKafkaTopicsExample 2022-08-03T15:24:16Z logger.go:66: module.confluent_platform.module.confluent_platform.kubernetes_manifest.components["ksqldb"]: Still creating... [2m10s elapsed]
TestTerraformKafkaTopicsExample 2022-08-03T15:24:16Z logger.go:66: module.confluent_platform.module.confluent_platform.kubernetes_manifest.components["controlcenter"]: Still creating... [2m10s elapsed]
TestTerraformKafkaTopicsExample 2022-08-03T15:24:26Z logger.go:66: module.confluent_platform.module.confluent_platform.kubernetes_manifest.components["kafkarestproxy"]: Still creating... [2m20s elapsed]
TestTerraformKafkaTopicsExample 2022-08-03T15:24:26Z logger.go:66: module.confluent_platform.module.confluent_platform.kubernetes_manifest.components["schemaregistry"]: Still creating... [2m20s elapsed]
TestTerraformKafkaTopicsExample 2022-08-03T15:24:26Z logger.go:66: module.confluent_platform.module.confluent_platform.kubernetes_manifest.components["ksqldb"]: Still creating... [2m20s elapsed]
TestTerraformKafkaTopicsExample 2022-08-03T15:24:26Z logger.go:66: module.confluent_platform.module.confluent_platform.kubernetes_manifest.components["controlcenter"]: Still creating... [2m20s elapsed]
TestTerraformKafkaTopicsExample 2022-08-03T15:24:36Z logger.go:66: module.confluent_platform.module.confluent_platform.kubernetes_manifest.components["schemaregistry"]: Still creating... [2m30s elapsed]
TestTerraformKafkaTopicsExample 2022-08-03T15:24:36Z logger.go:66: module.confluent_platform.module.confluent_platform.kubernetes_manifest.components["kafkarestproxy"]: Still creating... [2m30s elapsed]
TestTerraformKafkaTopicsExample 2022-08-03T15:24:36Z logger.go:66: module.confluent_platform.module.confluent_platform.kubernetes_manifest.components["ksqldb"]: Still creating... [2m30s elapsed]
TestTerraformKafkaTopicsExample 2022-08-03T15:24:36Z logger.go:66: module.confluent_platform.module.confluent_platform.kubernetes_manifest.components["controlcenter"]: Still creating... [2m30s elapsed]
TestTerraformKafkaTopicsExample 2022-08-03T15:24:46Z logger.go:66: module.confluent_platform.module.confluent_platform.kubernetes_manifest.components["schemaregistry"]: Still creating... [2m40s elapsed]
TestTerraformKafkaTopicsExample 2022-08-03T15:24:46Z logger.go:66: module.confluent_platform.module.confluent_platform.kubernetes_manifest.components["kafkarestproxy"]: Still creating... [2m40s elapsed]
TestTerraformKafkaTopicsExample 2022-08-03T15:24:46Z logger.go:66: module.confluent_platform.module.confluent_platform.kubernetes_manifest.components["ksqldb"]: Still creating... [2m39s elapsed]
TestTerraformKafkaTopicsExample 2022-08-03T15:24:46Z logger.go:66: module.confluent_platform.module.confluent_platform.kubernetes_manifest.components["controlcenter"]: Still creating... [2m40s elapsed]
TestTerraformKafkaTopicsExample 2022-08-03T15:24:56Z logger.go:66: module.confluent_platform.module.confluent_platform.kubernetes_manifest.components["kafkarestproxy"]: Still creating... [2m50s elapsed]
TestTerraformKafkaTopicsExample 2022-08-03T15:24:56Z logger.go:66: module.confluent_platform.module.confluent_platform.kubernetes_manifest.components["schemaregistry"]: Still creating... [2m50s elapsed]
TestTerraformKafkaTopicsExample 2022-08-03T15:24:56Z logger.go:66: module.confluent_platform.module.confluent_platform.kubernetes_manifest.components["ksqldb"]: Still creating... [2m49s elapsed]
TestTerraformKafkaTopicsExample 2022-08-03T15:24:56Z logger.go:66: module.confluent_platform.module.confluent_platform.kubernetes_manifest.components["controlcenter"]: Still creating... [2m50s elapsed]
TestTerraformKafkaTopicsExample 2022-08-03T15:25:05Z logger.go:66: module.confluent_platform.module.confluent_platform.kubernetes_manifest.components["kafkarestproxy"]: Creation complete after 3m0s
TestTerraformKafkaTopicsExample 2022-08-03T15:25:06Z logger.go:66: module.confluent_platform.module.confluent_platform.kubernetes_manifest.components["schemaregistry"]: Still creating... [3m0s elapsed]
TestTerraformKafkaTopicsExample 2022-08-03T15:25:06Z logger.go:66: module.confluent_platform.module.confluent_platform.kubernetes_manifest.components["ksqldb"]: Still creating... [2m59s elapsed]
TestTerraformKafkaTopicsExample 2022-08-03T15:25:06Z logger.go:66: module.confluent_platform.module.confluent_platform.kubernetes_manifest.components["controlcenter"]: Still creating... [3m0s elapsed]
TestTerraformKafkaTopicsExample 2022-08-03T15:25:08Z logger.go:66: module.confluent_platform.module.confluent_platform.kubernetes_manifest.components["ksqldb"]: Creation complete after 3m2s
TestTerraformKafkaTopicsExample 2022-08-03T15:25:16Z logger.go:66: module.confluent_platform.module.confluent_platform.kubernetes_manifest.components["schemaregistry"]: Still creating... [3m10s elapsed]
TestTerraformKafkaTopicsExample 2022-08-03T15:25:16Z logger.go:66: module.confluent_platform.module.confluent_platform.kubernetes_manifest.components["controlcenter"]: Still creating... [3m10s elapsed]
TestTerraformKafkaTopicsExample 2022-08-03T15:25:26Z logger.go:66: module.confluent_platform.module.confluent_platform.kubernetes_manifest.components["schemaregistry"]: Still creating... [3m20s elapsed]
TestTerraformKafkaTopicsExample 2022-08-03T15:25:26Z logger.go:66: module.confluent_platform.module.confluent_platform.kubernetes_manifest.components["controlcenter"]: Still creating... [3m20s elapsed]
TestTerraformKafkaTopicsExample 2022-08-03T15:25:26Z logger.go:66: module.confluent_platform.module.confluent_platform.kubernetes_manifest.components["schemaregistry"]: Creation complete after 3m21s
TestTerraformKafkaTopicsExample 2022-08-03T15:25:36Z logger.go:66: module.confluent_platform.module.confluent_platform.kubernetes_manifest.components["controlcenter"]: Still creating... [3m30s elapsed]
TestTerraformKafkaTopicsExample 2022-08-03T15:25:46Z logger.go:66: module.confluent_platform.module.confluent_platform.kubernetes_manifest.components["controlcenter"]: Still creating... [3m40s elapsed]
TestTerraformKafkaTopicsExample 2022-08-03T15:25:56Z logger.go:66: module.confluent_platform.module.confluent_platform.kubernetes_manifest.components["controlcenter"]: Still creating... [3m50s elapsed]
TestTerraformKafkaTopicsExample 2022-08-03T15:26:06Z logger.go:66: module.confluent_platform.module.confluent_platform.kubernetes_manifest.components["controlcenter"]: Still creating... [4m0s elapsed]
TestTerraformKafkaTopicsExample 2022-08-03T15:26:16Z logger.go:66: module.confluent_platform.module.confluent_platform.kubernetes_manifest.components["controlcenter"]: Still creating... [4m10s elapsed]
TestTerraformKafkaTopicsExample 2022-08-03T15:26:26Z logger.go:66: module.confluent_platform.module.confluent_platform.kubernetes_manifest.components["controlcenter"]: Still creating... [4m20s elapsed]
TestTerraformKafkaTopicsExample 2022-08-03T15:26:36Z logger.go:66: module.confluent_platform.module.confluent_platform.kubernetes_manifest.components["controlcenter"]: Still creating... [4m30s elapsed]
TestTerraformKafkaTopicsExample 2022-08-03T15:26:46Z logger.go:66: module.confluent_platform.module.confluent_platform.kubernetes_manifest.components["controlcenter"]: Still creating... [4m40s elapsed]
TestTerraformKafkaTopicsExample 2022-08-03T15:26:56Z logger.go:66: module.confluent_platform.module.confluent_platform.kubernetes_manifest.components["controlcenter"]: Still creating... [4m50s elapsed]
TestTerraformKafkaTopicsExample 2022-08-03T15:27:06Z logger.go:66: module.confluent_platform.module.confluent_platform.kubernetes_manifest.components["controlcenter"]: Still creating... [5m0s elapsed]
TestTerraformKafkaTopicsExample 2022-08-03T15:27:07Z logger.go:66: module.confluent_platform.module.confluent_platform.kubernetes_manifest.components["controlcenter"]: Creation complete after 5m1s
TestTerraformKafkaTopicsExample 2022-08-03T15:27:10Z logger.go:66: module.confluent_platform.module.confluent_platform.data.kubernetes_resource.components["schemaregistry"]: Reading...
TestTerraformKafkaTopicsExample 2022-08-03T15:27:10Z logger.go:66: module.confluent_platform.module.confluent_platform.data.kubernetes_resource.components["zookeeper"]: Reading...
TestTerraformKafkaTopicsExample 2022-08-03T15:27:10Z logger.go:66: module.confluent_platform.module.confluent_platform.data.kubernetes_resource.components["controlcenter"]: Reading...
TestTerraformKafkaTopicsExample 2022-08-03T15:27:11Z logger.go:66: module.confluent_platform.module.confluent_platform.data.kubernetes_resource.components["ksqldb"]: Reading...
TestTerraformKafkaTopicsExample 2022-08-03T15:27:11Z logger.go:66: module.confluent_platform.module.confluent_platform.data.kubernetes_resource.components["kafkarestproxy"]: Reading...
TestTerraformKafkaTopicsExample 2022-08-03T15:27:11Z logger.go:66: module.confluent_platform.module.confluent_platform.data.kubernetes_resource.components["connect"]: Reading...
TestTerraformKafkaTopicsExample 2022-08-03T15:27:11Z logger.go:66: module.confluent_platform.module.confluent_platform.data.kubernetes_resource.components["kafka"]: Reading...
TestTerraformKafkaTopicsExample 2022-08-03T15:27:21Z logger.go:66: module.confluent_platform.module.confluent_platform.data.kubernetes_resource.components["schemaregistry"]: Still reading... [10s elapsed]
TestTerraformKafkaTopicsExample 2022-08-03T15:27:21Z logger.go:66: module.confluent_platform.module.confluent_platform.data.kubernetes_resource.components["zookeeper"]: Still reading... [10s elapsed]
TestTerraformKafkaTopicsExample 2022-08-03T15:27:21Z logger.go:66: module.confluent_platform.module.confluent_platform.data.kubernetes_resource.components["controlcenter"]: Still reading... [10s elapsed]
TestTerraformKafkaTopicsExample 2022-08-03T15:27:21Z logger.go:66: module.confluent_platform.module.confluent_platform.data.kubernetes_resource.components["ksqldb"]: Still reading... [10s elapsed]
TestTerraformKafkaTopicsExample 2022-08-03T15:27:21Z logger.go:66: module.confluent_platform.module.confluent_platform.data.kubernetes_resource.components["kafkarestproxy"]: Still reading... [10s elapsed]
TestTerraformKafkaTopicsExample 2022-08-03T15:27:21Z logger.go:66: module.confluent_platform.module.confluent_platform.data.kubernetes_resource.components["connect"]: Still reading... [10s elapsed]
TestTerraformKafkaTopicsExample 2022-08-03T15:27:21Z logger.go:66: module.confluent_platform.module.confluent_platform.data.kubernetes_resource.components["kafka"]: Still reading... [10s elapsed]
TestTerraformKafkaTopicsExample 2022-08-03T15:27:31Z logger.go:66: module.confluent_platform.module.confluent_platform.data.kubernetes_resource.components["connect"]: Still reading... [20s elapsed]
TestTerraformKafkaTopicsExample 2022-08-03T15:27:31Z logger.go:66: module.confluent_platform.module.confluent_platform.data.kubernetes_resource.components["kafkarestproxy"]: Still reading... [20s elapsed]
TestTerraformKafkaTopicsExample 2022-08-03T15:27:31Z logger.go:66: module.confluent_platform.module.confluent_platform.data.kubernetes_resource.components["schemaregistry"]: Still reading... [20s elapsed]
TestTerraformKafkaTopicsExample 2022-08-03T15:27:31Z logger.go:66: module.confluent_platform.module.confluent_platform.data.kubernetes_resource.components["zookeeper"]: Still reading... [20s elapsed]
TestTerraformKafkaTopicsExample 2022-08-03T15:27:31Z logger.go:66: module.confluent_platform.module.confluent_platform.data.kubernetes_resource.components["kafka"]: Still reading... [20s elapsed]
TestTerraformKafkaTopicsExample 2022-08-03T15:27:31Z logger.go:66: module.confluent_platform.module.confluent_platform.data.kubernetes_resource.components["ksqldb"]: Still reading... [20s elapsed]
TestTerraformKafkaTopicsExample 2022-08-03T15:27:31Z logger.go:66: module.confluent_platform.module.confluent_platform.data.kubernetes_resource.components["controlcenter"]: Still reading... [20s elapsed]
TestTerraformKafkaTopicsExample 2022-08-03T15:27:33Z logger.go:66: module.confluent_platform.module.confluent_platform.data.kubernetes_resource.components["ksqldb"]: Read complete after 22s
TestTerraformKafkaTopicsExample 2022-08-03T15:27:33Z logger.go:66: module.confluent_platform.module.confluent_platform.data.kubernetes_resource.components["zookeeper"]: Read complete after 22s
TestTerraformKafkaTopicsExample 2022-08-03T15:27:33Z logger.go:66: module.confluent_platform.module.confluent_platform.data.kubernetes_resource.components["connect"]: Read complete after 22s
TestTerraformKafkaTopicsExample 2022-08-03T15:27:33Z logger.go:66: module.confluent_platform.module.confluent_platform.data.kubernetes_resource.components["schemaregistry"]: Read complete after 22s
TestTerraformKafkaTopicsExample 2022-08-03T15:27:33Z logger.go:66: module.confluent_platform.module.confluent_platform.data.kubernetes_resource.components["controlcenter"]: Read complete after 22s
TestTerraformKafkaTopicsExample 2022-08-03T15:27:34Z logger.go:66: module.confluent_platform.module.confluent_platform.data.kubernetes_resource.components["kafka"]: Read complete after 23s
TestTerraformKafkaTopicsExample 2022-08-03T15:27:34Z logger.go:66: module.confluent_platform.module.confluent_platform.data.kubernetes_resource.components["kafkarestproxy"]: Read complete after 23s
TestTerraformKafkaTopicsExample 2022-08-03T15:27:45Z logger.go:66: module.other_kafka_topic.kubernetes_manifest.topic: Creating...
TestTerraformKafkaTopicsExample 2022-08-03T15:27:45Z logger.go:66: module.kafka_topic.kubernetes_manifest.topic: Creating...
TestTerraformKafkaTopicsExample 2022-08-03T15:27:54Z logger.go:66: module.kafka_topic.kubernetes_manifest.topic: Creation complete after 8s
TestTerraformKafkaTopicsExample 2022-08-03T15:27:55Z logger.go:66: module.kafka_topic.data.kubernetes_resource.topic: Reading...
TestTerraformKafkaTopicsExample 2022-08-03T15:27:55Z logger.go:66: module.other_kafka_topic.kubernetes_manifest.topic: Still creating... [10s elapsed]
TestTerraformKafkaTopicsExample 2022-08-03T15:28:05Z logger.go:66: module.kafka_topic.data.kubernetes_resource.topic: Still reading... [10s elapsed]
TestTerraformKafkaTopicsExample 2022-08-03T15:28:05Z logger.go:66: module.other_kafka_topic.kubernetes_manifest.topic: Still creating... [20s elapsed]
TestTerraformKafkaTopicsExample 2022-08-03T15:28:05Z logger.go:66: module.kafka_topic.data.kubernetes_resource.topic: Read complete after 11s
TestTerraformKafkaTopicsExample 2022-08-03T15:28:12Z logger.go:66: module.other_kafka_topic.kubernetes_manifest.topic: Creation complete after 26s
TestTerraformKafkaTopicsExample 2022-08-03T15:28:13Z logger.go:66: module.other_kafka_topic.data.kubernetes_resource.topic: Reading...
TestTerraformKafkaTopicsExample 2022-08-03T15:28:18Z logger.go:66: module.other_kafka_topic.data.kubernetes_resource.topic: Read complete after 6s
TestTerraformKafkaTopicsExample 2022-08-03T15:28:19Z logger.go:66:
TestTerraformKafkaTopicsExample 2022-08-03T15:28:19Z logger.go:66: Apply complete! Resources: 11 added, 0 changed, 0 destroyed.
TestTerraformKafkaTopicsExample 2022-08-03T15:28:19Z logger.go:66:
TestTerraformKafkaTopicsExample 2022-08-03T15:28:19Z logger.go:66: Outputs:
TestTerraformKafkaTopicsExample 2022-08-03T15:28:19Z logger.go:66:
TestTerraformKafkaTopicsExample 2022-08-03T15:28:19Z logger.go:66: kafka_topic = {
TestTerraformKafkaTopicsExample 2022-08-03T15:28:19Z logger.go:66:   "configs" = tomap({
TestTerraformKafkaTopicsExample 2022-08-03T15:28:19Z logger.go:66:     "cleanup.policy" = "delete"
TestTerraformKafkaTopicsExample 2022-08-03T15:28:19Z logger.go:66:   })
TestTerraformKafkaTopicsExample 2022-08-03T15:28:19Z logger.go:66:   "kafkaClusterRef" = {
TestTerraformKafkaTopicsExample 2022-08-03T15:28:19Z logger.go:66:     "name" = tostring(null)
TestTerraformKafkaTopicsExample 2022-08-03T15:28:19Z logger.go:66:     "namespace" = tostring(null)
TestTerraformKafkaTopicsExample 2022-08-03T15:28:19Z logger.go:66:   }
TestTerraformKafkaTopicsExample 2022-08-03T15:28:19Z logger.go:66:   "kafkaRest" = {
TestTerraformKafkaTopicsExample 2022-08-03T15:28:19Z logger.go:66:     "authentication" = {
TestTerraformKafkaTopicsExample 2022-08-03T15:28:19Z logger.go:66:       "basic" = {
TestTerraformKafkaTopicsExample 2022-08-03T15:28:19Z logger.go:66:         "debug" = tobool(null)
TestTerraformKafkaTopicsExample 2022-08-03T15:28:19Z logger.go:66:         "directoryPathInContainer" = tostring(null)
TestTerraformKafkaTopicsExample 2022-08-03T15:28:19Z logger.go:66:         "restrictedRoles" = tolist(null) /* of string */
TestTerraformKafkaTopicsExample 2022-08-03T15:28:19Z logger.go:66:         "roles" = tolist(null) /* of string */
TestTerraformKafkaTopicsExample 2022-08-03T15:28:19Z logger.go:66:         "secretRef" = tostring(null)
TestTerraformKafkaTopicsExample 2022-08-03T15:28:19Z logger.go:66:       }
TestTerraformKafkaTopicsExample 2022-08-03T15:28:19Z logger.go:66:       "bearer" = {
TestTerraformKafkaTopicsExample 2022-08-03T15:28:19Z logger.go:66:         "directoryPathInContainer" = tostring(null)
TestTerraformKafkaTopicsExample 2022-08-03T15:28:19Z logger.go:66:         "secretRef" = tostring(null)
TestTerraformKafkaTopicsExample 2022-08-03T15:28:19Z logger.go:66:       }
TestTerraformKafkaTopicsExample 2022-08-03T15:28:19Z logger.go:66:       "type" = tostring(null)
TestTerraformKafkaTopicsExample 2022-08-03T15:28:19Z logger.go:66:     }
TestTerraformKafkaTopicsExample 2022-08-03T15:28:19Z logger.go:66:     "endpoint" = tostring(null)
TestTerraformKafkaTopicsExample 2022-08-03T15:28:19Z logger.go:66:     "kafkaClusterID" = tostring(null)
TestTerraformKafkaTopicsExample 2022-08-03T15:28:19Z logger.go:66:     "tls" = {
TestTerraformKafkaTopicsExample 2022-08-03T15:28:19Z logger.go:66:       "directoryPathInContainer" = tostring(null)
TestTerraformKafkaTopicsExample 2022-08-03T15:28:19Z logger.go:66:       "jksPassword" = {
TestTerraformKafkaTopicsExample 2022-08-03T15:28:19Z logger.go:66:         "secretRef" = tostring(null)
TestTerraformKafkaTopicsExample 2022-08-03T15:28:19Z logger.go:66:       }
TestTerraformKafkaTopicsExample 2022-08-03T15:28:19Z logger.go:66:       "secretRef" = tostring(null)
TestTerraformKafkaTopicsExample 2022-08-03T15:28:19Z logger.go:66:     }
TestTerraformKafkaTopicsExample 2022-08-03T15:28:19Z logger.go:66:   }
TestTerraformKafkaTopicsExample 2022-08-03T15:28:19Z logger.go:66:   "kafkaRestClassRef" = {
TestTerraformKafkaTopicsExample 2022-08-03T15:28:19Z logger.go:66:     "name" = tostring(null)
TestTerraformKafkaTopicsExample 2022-08-03T15:28:19Z logger.go:66:     "namespace" = tostring(null)
TestTerraformKafkaTopicsExample 2022-08-03T15:28:19Z logger.go:66:   }
TestTerraformKafkaTopicsExample 2022-08-03T15:28:19Z logger.go:66:   "name" = tostring(null)
TestTerraformKafkaTopicsExample 2022-08-03T15:28:19Z logger.go:66:   "partitionCount" = 3
TestTerraformKafkaTopicsExample 2022-08-03T15:28:19Z logger.go:66:   "replicas" = 3
TestTerraformKafkaTopicsExample 2022-08-03T15:28:19Z logger.go:66: }
TestTerraformKafkaTopicsExample 2022-08-03T15:28:19Z logger.go:66: other_kafka_topic = {
TestTerraformKafkaTopicsExample 2022-08-03T15:28:19Z logger.go:66:   "configs" = tomap({
TestTerraformKafkaTopicsExample 2022-08-03T15:28:19Z logger.go:66:     "cleanup.policy" = "compact"
TestTerraformKafkaTopicsExample 2022-08-03T15:28:19Z logger.go:66:   })
TestTerraformKafkaTopicsExample 2022-08-03T15:28:19Z logger.go:66:   "kafkaClusterRef" = {
TestTerraformKafkaTopicsExample 2022-08-03T15:28:19Z logger.go:66:     "name" = tostring(null)
TestTerraformKafkaTopicsExample 2022-08-03T15:28:19Z logger.go:66:     "namespace" = tostring(null)
TestTerraformKafkaTopicsExample 2022-08-03T15:28:19Z logger.go:66:   }
TestTerraformKafkaTopicsExample 2022-08-03T15:28:19Z logger.go:66:   "kafkaRest" = {
TestTerraformKafkaTopicsExample 2022-08-03T15:28:19Z logger.go:66:     "authentication" = {
TestTerraformKafkaTopicsExample 2022-08-03T15:28:19Z logger.go:66:       "basic" = {
TestTerraformKafkaTopicsExample 2022-08-03T15:28:19Z logger.go:66:         "debug" = tobool(null)
TestTerraformKafkaTopicsExample 2022-08-03T15:28:19Z logger.go:66:         "directoryPathInContainer" = tostring(null)
TestTerraformKafkaTopicsExample 2022-08-03T15:28:19Z logger.go:66:         "restrictedRoles" = tolist(null) /* of string */
TestTerraformKafkaTopicsExample 2022-08-03T15:28:19Z logger.go:66:         "roles" = tolist(null) /* of string */
TestTerraformKafkaTopicsExample 2022-08-03T15:28:19Z logger.go:66:         "secretRef" = tostring(null)
TestTerraformKafkaTopicsExample 2022-08-03T15:28:19Z logger.go:66:       }
TestTerraformKafkaTopicsExample 2022-08-03T15:28:19Z logger.go:66:       "bearer" = {
TestTerraformKafkaTopicsExample 2022-08-03T15:28:19Z logger.go:66:         "directoryPathInContainer" = tostring(null)
TestTerraformKafkaTopicsExample 2022-08-03T15:28:19Z logger.go:66:         "secretRef" = tostring(null)
TestTerraformKafkaTopicsExample 2022-08-03T15:28:19Z logger.go:66:       }
TestTerraformKafkaTopicsExample 2022-08-03T15:28:19Z logger.go:66:       "type" = tostring(null)
TestTerraformKafkaTopicsExample 2022-08-03T15:28:19Z logger.go:66:     }
TestTerraformKafkaTopicsExample 2022-08-03T15:28:19Z logger.go:66:     "endpoint" = "http://kafka.confluent.svc.cluster.local:8090"
TestTerraformKafkaTopicsExample 2022-08-03T15:28:19Z logger.go:66:     "kafkaClusterID" = tostring(null)
TestTerraformKafkaTopicsExample 2022-08-03T15:28:19Z logger.go:66:     "tls" = {
TestTerraformKafkaTopicsExample 2022-08-03T15:28:19Z logger.go:66:       "directoryPathInContainer" = tostring(null)
TestTerraformKafkaTopicsExample 2022-08-03T15:28:19Z logger.go:66:       "jksPassword" = {
TestTerraformKafkaTopicsExample 2022-08-03T15:28:19Z logger.go:66:         "secretRef" = tostring(null)
TestTerraformKafkaTopicsExample 2022-08-03T15:28:19Z logger.go:66:       }
TestTerraformKafkaTopicsExample 2022-08-03T15:28:19Z logger.go:66:       "secretRef" = tostring(null)
TestTerraformKafkaTopicsExample 2022-08-03T15:28:19Z logger.go:66:     }
TestTerraformKafkaTopicsExample 2022-08-03T15:28:19Z logger.go:66:   }
TestTerraformKafkaTopicsExample 2022-08-03T15:28:19Z logger.go:66:   "kafkaRestClassRef" = {
TestTerraformKafkaTopicsExample 2022-08-03T15:28:19Z logger.go:66:     "name" = tostring(null)
TestTerraformKafkaTopicsExample 2022-08-03T15:28:19Z logger.go:66:     "namespace" = tostring(null)
TestTerraformKafkaTopicsExample 2022-08-03T15:28:19Z logger.go:66:   }
TestTerraformKafkaTopicsExample 2022-08-03T15:28:19Z logger.go:66:   "name" = tostring(null)
TestTerraformKafkaTopicsExample 2022-08-03T15:28:19Z logger.go:66:   "partitionCount" = 4
TestTerraformKafkaTopicsExample 2022-08-03T15:28:19Z logger.go:66:   "replicas" = 3
TestTerraformKafkaTopicsExample 2022-08-03T15:28:19Z logger.go:66: }
TestTerraformKafkaTopicsExample 2022-08-03T15:28:19Z retry.go:91: terraform [output -no-color -json kafka_topic]
TestTerraformKafkaTopicsExample 2022-08-03T15:28:19Z logger.go:66: Running command terraform with args [output -no-color -json kafka_topic]
TestTerraformKafkaTopicsExample 2022-08-03T15:28:21Z logger.go:66: {"configs":{"cleanup.policy":"delete"},"kafkaClusterRef":{"name":null,"namespace":null},"kafkaRest":{"authentication":{"basic":{"debug":null,"directoryPathInContainer":null,"restrictedRoles":null,"roles":null,"secretRef":null},"bearer":{"directoryPathInContainer":null,"secretRef":null},"type":null},"endpoint":null,"kafkaClusterID":null,"tls":{"directoryPathInContainer":null,"jksPassword":{"secretRef":null},"secretRef":null}},"kafkaRestClassRef":{"name":null,"namespace":null},"name":null,"partitionCount":3,"replicas":3}
TestTerraformKafkaTopicsExample 2022-08-03T15:28:21Z retry.go:91: terraform [output -no-color -json other_kafka_topic]
TestTerraformKafkaTopicsExample 2022-08-03T15:28:21Z logger.go:66: Running command terraform with args [output -no-color -json other_kafka_topic]
TestTerraformKafkaTopicsExample 2022-08-03T15:28:23Z logger.go:66: {"configs":{"cleanup.policy":"compact"},"kafkaClusterRef":{"name":null,"namespace":null},"kafkaRest":{"authentication":{"basic":{"debug":null,"directoryPathInContainer":null,"restrictedRoles":null,"roles":null,"secretRef":null},"bearer":{"directoryPathInContainer":null,"secretRef":null},"type":null},"endpoint":"http://kafka.confluent.svc.cluster.local:8090","kafkaClusterID":null,"tls":{"directoryPathInContainer":null,"jksPassword":{"secretRef":null},"secretRef":null}},"kafkaRestClassRef":{"name":null,"namespace":null},"name":null,"partitionCount":4,"replicas":3}
TestTerraformKafkaTopicsExample 2022-08-03T15:28:23Z retry.go:91: terraform [destroy -auto-approve -input=false -no-color -lock=false]
TestTerraformKafkaTopicsExample 2022-08-03T15:28:23Z logger.go:66: Running command terraform with args [destroy -auto-approve -input=false -no-color -lock=false]
TestTerraformKafkaTopicsExample 2022-08-03T15:29:46Z logger.go:66:
TestTerraformKafkaTopicsExample 2022-08-03T15:29:46Z logger.go:66: Error: timeout while waiting for plugin to start
TestTerraformKafkaTopicsExample 2022-08-03T15:29:46Z logger.go:66:
TestTerraformKafkaTopicsExample 2022-08-03T15:29:47Z retry.go:99: Returning due to fatal error: FatalError{Underlying: error while running command: exit status 1;
Error: timeout while waiting for plugin to start
}
    destroy.go:11:
        	Error Trace:	/workspaces/terraform-kubernetes-confluent-platform/test/destroy.go:11
        	            				/workspaces/terraform-kubernetes-confluent-platform/test/terraform_kafka_topic_test.go:34
        	Error:      	Received unexpected error:
        	            	FatalError{Underlying: error while running command: exit status 1;
        	            	Error: timeout while waiting for plugin to start
        	            	}
        	Test:       	TestTerraformKafkaTopicsExample
--- FAIL: TestTerraformKafkaTopicsExample (488.11s)
FAIL
FAIL	command-line-arguments	488.762s
FAIL
