=== RUN   TestTerraformConfluentPlatformExample
TestTerraformConfluentPlatformExample 2022-08-01T19:16:14Z retry.go:91: terraform [init -upgrade=false]
TestTerraformConfluentPlatformExample 2022-08-01T19:16:14Z logger.go:66: Running command terraform with args [init -upgrade=false]
TestTerraformConfluentPlatformExample 2022-08-01T19:16:14Z logger.go:66: [0m[1mInitializing modules...[0m
TestTerraformConfluentPlatformExample 2022-08-01T19:16:15Z logger.go:66:
TestTerraformConfluentPlatformExample 2022-08-01T19:16:15Z logger.go:66: [0m[1mInitializing the backend...[0m
TestTerraformConfluentPlatformExample 2022-08-01T19:16:20Z logger.go:66:
TestTerraformConfluentPlatformExample 2022-08-01T19:16:20Z logger.go:66: [0m[1mInitializing provider plugins...[0m
TestTerraformConfluentPlatformExample 2022-08-01T19:16:20Z logger.go:66: - Reusing previous version of hashicorp/helm from the dependency lock file
TestTerraformConfluentPlatformExample 2022-08-01T19:16:20Z logger.go:66: - Reusing previous version of hashicorp/kubernetes from the dependency lock file
TestTerraformConfluentPlatformExample 2022-08-01T19:16:20Z logger.go:66: - Using previously-installed hashicorp/helm v2.6.0
TestTerraformConfluentPlatformExample 2022-08-01T19:16:21Z logger.go:66: - Using previously-installed hashicorp/kubernetes v2.12.1
TestTerraformConfluentPlatformExample 2022-08-01T19:16:21Z logger.go:66:
TestTerraformConfluentPlatformExample 2022-08-01T19:16:21Z logger.go:66: [0m[1m[32mTerraform has been successfully initialized![0m[32m[0m
TestTerraformConfluentPlatformExample 2022-08-01T19:16:21Z logger.go:66: [0m[32m
TestTerraformConfluentPlatformExample 2022-08-01T19:16:21Z logger.go:66: You may now begin working with Terraform. Try running "terraform plan" to see
TestTerraformConfluentPlatformExample 2022-08-01T19:16:21Z logger.go:66: any changes that are required for your infrastructure. All Terraform commands
TestTerraformConfluentPlatformExample 2022-08-01T19:16:21Z logger.go:66: should now work.
TestTerraformConfluentPlatformExample 2022-08-01T19:16:21Z logger.go:66:
TestTerraformConfluentPlatformExample 2022-08-01T19:16:21Z logger.go:66: If you ever set or change modules or backend configuration for Terraform,
TestTerraformConfluentPlatformExample 2022-08-01T19:16:21Z logger.go:66: rerun this command to reinitialize your working directory. If you forget, other
TestTerraformConfluentPlatformExample 2022-08-01T19:16:21Z logger.go:66: commands will detect it and remind you to do so if necessary.[0m
TestTerraformConfluentPlatformExample 2022-08-01T19:16:21Z retry.go:91: terraform [apply -input=false -auto-approve -no-color -lock=false]
TestTerraformConfluentPlatformExample 2022-08-01T19:16:21Z logger.go:66: Running command terraform with args [apply -input=false -auto-approve -no-color -lock=false]
TestTerraformConfluentPlatformExample 2022-08-01T19:16:32Z logger.go:66:
TestTerraformConfluentPlatformExample 2022-08-01T19:16:32Z logger.go:66: Terraform used the selected providers to generate the following execution
TestTerraformConfluentPlatformExample 2022-08-01T19:16:32Z logger.go:66: plan. Resource actions are indicated with the following symbols:
TestTerraformConfluentPlatformExample 2022-08-01T19:16:32Z logger.go:66:   + create
TestTerraformConfluentPlatformExample 2022-08-01T19:16:32Z logger.go:66:  <= read (data resources)
TestTerraformConfluentPlatformExample 2022-08-01T19:16:32Z logger.go:66:
TestTerraformConfluentPlatformExample 2022-08-01T19:16:32Z logger.go:66: Terraform will perform the following actions:
TestTerraformConfluentPlatformExample 2022-08-01T19:16:32Z logger.go:66:
TestTerraformConfluentPlatformExample 2022-08-01T19:16:32Z logger.go:66:   # module.confluent_platform.data.kubernetes_resource.components["connect"] will be read during apply
TestTerraformConfluentPlatformExample 2022-08-01T19:16:32Z logger.go:66:   # (depends on a resource or a module with changes pending)
TestTerraformConfluentPlatformExample 2022-08-01T19:16:32Z logger.go:66:  <= data "kubernetes_resource" "components" {
TestTerraformConfluentPlatformExample 2022-08-01T19:16:32Z logger.go:66:       + api_version = "platform.confluent.io/v1beta1"
TestTerraformConfluentPlatformExample 2022-08-01T19:16:32Z logger.go:66:       + kind        = "Connect"
TestTerraformConfluentPlatformExample 2022-08-01T19:16:32Z logger.go:66:       + object      = (known after apply)
TestTerraformConfluentPlatformExample 2022-08-01T19:16:32Z logger.go:66:
TestTerraformConfluentPlatformExample 2022-08-01T19:16:32Z logger.go:66:       + metadata {
TestTerraformConfluentPlatformExample 2022-08-01T19:16:32Z logger.go:66:           + name      = "connect"
TestTerraformConfluentPlatformExample 2022-08-01T19:16:32Z logger.go:66:           + namespace = "confluent"
TestTerraformConfluentPlatformExample 2022-08-01T19:16:32Z logger.go:66:         }
TestTerraformConfluentPlatformExample 2022-08-01T19:16:32Z logger.go:66:     }
TestTerraformConfluentPlatformExample 2022-08-01T19:16:32Z logger.go:66:
TestTerraformConfluentPlatformExample 2022-08-01T19:16:32Z logger.go:66:   # module.confluent_platform.data.kubernetes_resource.components["controlcenter"] will be read during apply
TestTerraformConfluentPlatformExample 2022-08-01T19:16:32Z logger.go:66:   # (depends on a resource or a module with changes pending)
TestTerraformConfluentPlatformExample 2022-08-01T19:16:32Z logger.go:66:  <= data "kubernetes_resource" "components" {
TestTerraformConfluentPlatformExample 2022-08-01T19:16:32Z logger.go:66:       + api_version = "platform.confluent.io/v1beta1"
TestTerraformConfluentPlatformExample 2022-08-01T19:16:32Z logger.go:66:       + kind        = "ControlCenter"
TestTerraformConfluentPlatformExample 2022-08-01T19:16:32Z logger.go:66:       + object      = (known after apply)
TestTerraformConfluentPlatformExample 2022-08-01T19:16:32Z logger.go:66:
TestTerraformConfluentPlatformExample 2022-08-01T19:16:32Z logger.go:66:       + metadata {
TestTerraformConfluentPlatformExample 2022-08-01T19:16:32Z logger.go:66:           + name      = "controlcenter"
TestTerraformConfluentPlatformExample 2022-08-01T19:16:32Z logger.go:66:           + namespace = "confluent"
TestTerraformConfluentPlatformExample 2022-08-01T19:16:32Z logger.go:66:         }
TestTerraformConfluentPlatformExample 2022-08-01T19:16:32Z logger.go:66:     }
TestTerraformConfluentPlatformExample 2022-08-01T19:16:32Z logger.go:66:
TestTerraformConfluentPlatformExample 2022-08-01T19:16:32Z logger.go:66:   # module.confluent_platform.data.kubernetes_resource.components["kafka"] will be read during apply
TestTerraformConfluentPlatformExample 2022-08-01T19:16:32Z logger.go:66:   # (depends on a resource or a module with changes pending)
TestTerraformConfluentPlatformExample 2022-08-01T19:16:32Z logger.go:66:  <= data "kubernetes_resource" "components" {
TestTerraformConfluentPlatformExample 2022-08-01T19:16:32Z logger.go:66:       + api_version = "platform.confluent.io/v1beta1"
TestTerraformConfluentPlatformExample 2022-08-01T19:16:32Z logger.go:66:       + kind        = "Kafka"
TestTerraformConfluentPlatformExample 2022-08-01T19:16:32Z logger.go:66:       + object      = (known after apply)
TestTerraformConfluentPlatformExample 2022-08-01T19:16:32Z logger.go:66:
TestTerraformConfluentPlatformExample 2022-08-01T19:16:32Z logger.go:66:       + metadata {
TestTerraformConfluentPlatformExample 2022-08-01T19:16:32Z logger.go:66:           + name      = "kafka"
TestTerraformConfluentPlatformExample 2022-08-01T19:16:32Z logger.go:66:           + namespace = "confluent"
TestTerraformConfluentPlatformExample 2022-08-01T19:16:32Z logger.go:66:         }
TestTerraformConfluentPlatformExample 2022-08-01T19:16:32Z logger.go:66:     }
TestTerraformConfluentPlatformExample 2022-08-01T19:16:32Z logger.go:66:
TestTerraformConfluentPlatformExample 2022-08-01T19:16:32Z logger.go:66:   # module.confluent_platform.data.kubernetes_resource.components["kafkarestproxy"] will be read during apply
TestTerraformConfluentPlatformExample 2022-08-01T19:16:32Z logger.go:66:   # (depends on a resource or a module with changes pending)
TestTerraformConfluentPlatformExample 2022-08-01T19:16:32Z logger.go:66:  <= data "kubernetes_resource" "components" {
TestTerraformConfluentPlatformExample 2022-08-01T19:16:32Z logger.go:66:       + api_version = "platform.confluent.io/v1beta1"
TestTerraformConfluentPlatformExample 2022-08-01T19:16:32Z logger.go:66:       + kind        = "KafkaRestProxy"
TestTerraformConfluentPlatformExample 2022-08-01T19:16:32Z logger.go:66:       + object      = (known after apply)
TestTerraformConfluentPlatformExample 2022-08-01T19:16:32Z logger.go:66:
TestTerraformConfluentPlatformExample 2022-08-01T19:16:32Z logger.go:66:       + metadata {
TestTerraformConfluentPlatformExample 2022-08-01T19:16:32Z logger.go:66:           + name      = "kafkarestproxy"
TestTerraformConfluentPlatformExample 2022-08-01T19:16:32Z logger.go:66:           + namespace = "confluent"
TestTerraformConfluentPlatformExample 2022-08-01T19:16:32Z logger.go:66:         }
TestTerraformConfluentPlatformExample 2022-08-01T19:16:32Z logger.go:66:     }
TestTerraformConfluentPlatformExample 2022-08-01T19:16:32Z logger.go:66:
TestTerraformConfluentPlatformExample 2022-08-01T19:16:32Z logger.go:66:   # module.confluent_platform.data.kubernetes_resource.components["ksqldb"] will be read during apply
TestTerraformConfluentPlatformExample 2022-08-01T19:16:32Z logger.go:66:   # (depends on a resource or a module with changes pending)
TestTerraformConfluentPlatformExample 2022-08-01T19:16:32Z logger.go:66:  <= data "kubernetes_resource" "components" {
TestTerraformConfluentPlatformExample 2022-08-01T19:16:32Z logger.go:66:       + api_version = "platform.confluent.io/v1beta1"
TestTerraformConfluentPlatformExample 2022-08-01T19:16:32Z logger.go:66:       + kind        = "KsqlDB"
TestTerraformConfluentPlatformExample 2022-08-01T19:16:32Z logger.go:66:       + object      = (known after apply)
TestTerraformConfluentPlatformExample 2022-08-01T19:16:32Z logger.go:66:
TestTerraformConfluentPlatformExample 2022-08-01T19:16:32Z logger.go:66:       + metadata {
TestTerraformConfluentPlatformExample 2022-08-01T19:16:32Z logger.go:66:           + name      = "ksqldb"
TestTerraformConfluentPlatformExample 2022-08-01T19:16:32Z logger.go:66:           + namespace = "confluent"
TestTerraformConfluentPlatformExample 2022-08-01T19:16:32Z logger.go:66:         }
TestTerraformConfluentPlatformExample 2022-08-01T19:16:32Z logger.go:66:     }
TestTerraformConfluentPlatformExample 2022-08-01T19:16:32Z logger.go:66:
TestTerraformConfluentPlatformExample 2022-08-01T19:16:32Z logger.go:66:   # module.confluent_platform.data.kubernetes_resource.components["schemaregistry"] will be read during apply
TestTerraformConfluentPlatformExample 2022-08-01T19:16:32Z logger.go:66:   # (depends on a resource or a module with changes pending)
TestTerraformConfluentPlatformExample 2022-08-01T19:16:32Z logger.go:66:  <= data "kubernetes_resource" "components" {
TestTerraformConfluentPlatformExample 2022-08-01T19:16:32Z logger.go:66:       + api_version = "platform.confluent.io/v1beta1"
TestTerraformConfluentPlatformExample 2022-08-01T19:16:32Z logger.go:66:       + kind        = "SchemaRegistry"
TestTerraformConfluentPlatformExample 2022-08-01T19:16:32Z logger.go:66:       + object      = (known after apply)
TestTerraformConfluentPlatformExample 2022-08-01T19:16:32Z logger.go:66:
TestTerraformConfluentPlatformExample 2022-08-01T19:16:32Z logger.go:66:       + metadata {
TestTerraformConfluentPlatformExample 2022-08-01T19:16:32Z logger.go:66:           + name      = "schemaregistry"
TestTerraformConfluentPlatformExample 2022-08-01T19:16:32Z logger.go:66:           + namespace = "confluent"
TestTerraformConfluentPlatformExample 2022-08-01T19:16:32Z logger.go:66:         }
TestTerraformConfluentPlatformExample 2022-08-01T19:16:32Z logger.go:66:     }
TestTerraformConfluentPlatformExample 2022-08-01T19:16:32Z logger.go:66:
TestTerraformConfluentPlatformExample 2022-08-01T19:16:32Z logger.go:66:   # module.confluent_platform.data.kubernetes_resource.components["zookeeper"] will be read during apply
TestTerraformConfluentPlatformExample 2022-08-01T19:16:32Z logger.go:66:   # (depends on a resource or a module with changes pending)
TestTerraformConfluentPlatformExample 2022-08-01T19:16:32Z logger.go:66:  <= data "kubernetes_resource" "components" {
TestTerraformConfluentPlatformExample 2022-08-01T19:16:32Z logger.go:66:       + api_version = "platform.confluent.io/v1beta1"
TestTerraformConfluentPlatformExample 2022-08-01T19:16:32Z logger.go:66:       + kind        = "Zookeeper"
TestTerraformConfluentPlatformExample 2022-08-01T19:16:32Z logger.go:66:       + object      = (known after apply)
TestTerraformConfluentPlatformExample 2022-08-01T19:16:32Z logger.go:66:
TestTerraformConfluentPlatformExample 2022-08-01T19:16:32Z logger.go:66:       + metadata {
TestTerraformConfluentPlatformExample 2022-08-01T19:16:32Z logger.go:66:           + name      = "zookeeper"
TestTerraformConfluentPlatformExample 2022-08-01T19:16:32Z logger.go:66:           + namespace = "confluent"
TestTerraformConfluentPlatformExample 2022-08-01T19:16:32Z logger.go:66:         }
TestTerraformConfluentPlatformExample 2022-08-01T19:16:32Z logger.go:66:     }
TestTerraformConfluentPlatformExample 2022-08-01T19:16:32Z logger.go:66:
TestTerraformConfluentPlatformExample 2022-08-01T19:16:32Z logger.go:66:   # module.confluent_platform.kubernetes_manifest.components["connect"] will be created
TestTerraformConfluentPlatformExample 2022-08-01T19:16:32Z logger.go:66:   + resource "kubernetes_manifest" "components" {
TestTerraformConfluentPlatformExample 2022-08-01T19:16:32Z logger.go:66:       + computed_fields = [
TestTerraformConfluentPlatformExample 2022-08-01T19:16:32Z logger.go:66:           + "metadata.finalizers",
TestTerraformConfluentPlatformExample 2022-08-01T19:16:32Z logger.go:66:         ]
TestTerraformConfluentPlatformExample 2022-08-01T19:16:32Z logger.go:66:       + manifest        = {
TestTerraformConfluentPlatformExample 2022-08-01T19:16:32Z logger.go:66:           + apiVersion = "platform.confluent.io/v1beta1"
TestTerraformConfluentPlatformExample 2022-08-01T19:16:32Z logger.go:66:           + kind       = "Connect"
TestTerraformConfluentPlatformExample 2022-08-01T19:16:32Z logger.go:66:           + metadata   = {
TestTerraformConfluentPlatformExample 2022-08-01T19:16:32Z logger.go:66:               + name      = "connect"
TestTerraformConfluentPlatformExample 2022-08-01T19:16:32Z logger.go:66:               + namespace = "confluent"
TestTerraformConfluentPlatformExample 2022-08-01T19:16:32Z logger.go:66:             }
TestTerraformConfluentPlatformExample 2022-08-01T19:16:32Z logger.go:66:           + spec       = {
TestTerraformConfluentPlatformExample 2022-08-01T19:16:32Z logger.go:66:               + dependencies = {
TestTerraformConfluentPlatformExample 2022-08-01T19:16:32Z logger.go:66:                   + kafka = {
TestTerraformConfluentPlatformExample 2022-08-01T19:16:32Z logger.go:66:                       + bootstrapEndpoint = "kafka:9071"
TestTerraformConfluentPlatformExample 2022-08-01T19:16:32Z logger.go:66:                     }
TestTerraformConfluentPlatformExample 2022-08-01T19:16:32Z logger.go:66:                 }
TestTerraformConfluentPlatformExample 2022-08-01T19:16:32Z logger.go:66:               + image        = {
TestTerraformConfluentPlatformExample 2022-08-01T19:16:32Z logger.go:66:                   + application = "confluentinc/cp-server-connect:7.2.0"
TestTerraformConfluentPlatformExample 2022-08-01T19:16:32Z logger.go:66:                   + init        = "confluentinc/confluent-init-container:2.4.0"
TestTerraformConfluentPlatformExample 2022-08-01T19:16:32Z logger.go:66:                 }
TestTerraformConfluentPlatformExample 2022-08-01T19:16:32Z logger.go:66:               + replicas     = 1
TestTerraformConfluentPlatformExample 2022-08-01T19:16:32Z logger.go:66:             }
TestTerraformConfluentPlatformExample 2022-08-01T19:16:32Z logger.go:66:         }
TestTerraformConfluentPlatformExample 2022-08-01T19:16:32Z logger.go:66:       + object          = {
TestTerraformConfluentPlatformExample 2022-08-01T19:16:32Z logger.go:66:           + apiVersion = "platform.confluent.io/v1beta1"
TestTerraformConfluentPlatformExample 2022-08-01T19:16:32Z logger.go:66:           + kind       = "Connect"
TestTerraformConfluentPlatformExample 2022-08-01T19:16:32Z logger.go:66:           + metadata   = {
TestTerraformConfluentPlatformExample 2022-08-01T19:16:32Z logger.go:66:               + annotations                = (known after apply)
TestTerraformConfluentPlatformExample 2022-08-01T19:16:32Z logger.go:66:               + clusterName                = (known after apply)
TestTerraformConfluentPlatformExample 2022-08-01T19:16:32Z logger.go:66:               + creationTimestamp          = (known after apply)
TestTerraformConfluentPlatformExample 2022-08-01T19:16:32Z logger.go:66:               + deletionGracePeriodSeconds = (known after apply)
TestTerraformConfluentPlatformExample 2022-08-01T19:16:32Z logger.go:66:               + deletionTimestamp          = (known after apply)
TestTerraformConfluentPlatformExample 2022-08-01T19:16:32Z logger.go:66:               + finalizers                 = (known after apply)
TestTerraformConfluentPlatformExample 2022-08-01T19:16:32Z logger.go:66:               + generateName               = (known after apply)
TestTerraformConfluentPlatformExample 2022-08-01T19:16:32Z logger.go:66:               + generation                 = (known after apply)
TestTerraformConfluentPlatformExample 2022-08-01T19:16:32Z logger.go:66:               + labels                     = (known after apply)
TestTerraformConfluentPlatformExample 2022-08-01T19:16:32Z logger.go:66:               + managedFields              = (known after apply)
TestTerraformConfluentPlatformExample 2022-08-01T19:16:32Z logger.go:66:               + name                       = "connect"
TestTerraformConfluentPlatformExample 2022-08-01T19:16:32Z logger.go:66:               + namespace                  = "confluent"
TestTerraformConfluentPlatformExample 2022-08-01T19:16:32Z logger.go:66:               + ownerReferences            = (known after apply)
TestTerraformConfluentPlatformExample 2022-08-01T19:16:32Z logger.go:66:               + resourceVersion            = (known after apply)
TestTerraformConfluentPlatformExample 2022-08-01T19:16:32Z logger.go:66:               + selfLink                   = (known after apply)
TestTerraformConfluentPlatformExample 2022-08-01T19:16:32Z logger.go:66:               + uid                        = (known after apply)
TestTerraformConfluentPlatformExample 2022-08-01T19:16:32Z logger.go:66:             }
TestTerraformConfluentPlatformExample 2022-08-01T19:16:32Z logger.go:66:           + spec       = {
TestTerraformConfluentPlatformExample 2022-08-01T19:16:32Z logger.go:66:               + authentication                 = {
TestTerraformConfluentPlatformExample 2022-08-01T19:16:32Z logger.go:66:                   + basic = {
TestTerraformConfluentPlatformExample 2022-08-01T19:16:32Z logger.go:66:                       + debug                    = (known after apply)
TestTerraformConfluentPlatformExample 2022-08-01T19:16:32Z logger.go:66:                       + directoryPathInContainer = (known after apply)
TestTerraformConfluentPlatformExample 2022-08-01T19:16:32Z logger.go:66:                       + restrictedRoles          = (known after apply)
TestTerraformConfluentPlatformExample 2022-08-01T19:16:32Z logger.go:66:                       + roles                    = (known after apply)
TestTerraformConfluentPlatformExample 2022-08-01T19:16:32Z logger.go:66:                       + secretRef                = (known after apply)
TestTerraformConfluentPlatformExample 2022-08-01T19:16:32Z logger.go:66:                     }
TestTerraformConfluentPlatformExample 2022-08-01T19:16:32Z logger.go:66:                   + type  = (known after apply)
TestTerraformConfluentPlatformExample 2022-08-01T19:16:32Z logger.go:66:                 }
TestTerraformConfluentPlatformExample 2022-08-01T19:16:32Z logger.go:66:               + authorization                  = {
TestTerraformConfluentPlatformExample 2022-08-01T19:16:32Z logger.go:66:                   + kafkaRestClassRef = {
TestTerraformConfluentPlatformExample 2022-08-01T19:16:32Z logger.go:66:                       + name      = (known after apply)
TestTerraformConfluentPlatformExample 2022-08-01T19:16:32Z logger.go:66:                       + namespace = (known after apply)
TestTerraformConfluentPlatformExample 2022-08-01T19:16:32Z logger.go:66:                     }
TestTerraformConfluentPlatformExample 2022-08-01T19:16:32Z logger.go:66:                   + type              = (known after apply)
TestTerraformConfluentPlatformExample 2022-08-01T19:16:32Z logger.go:66:                 }
TestTerraformConfluentPlatformExample 2022-08-01T19:16:32Z logger.go:66:               + build                          = {
TestTerraformConfluentPlatformExample 2022-08-01T19:16:32Z logger.go:66:                   + onDemand = {
TestTerraformConfluentPlatformExample 2022-08-01T19:16:32Z logger.go:66:                       + plugins      = {
TestTerraformConfluentPlatformExample 2022-08-01T19:16:32Z logger.go:66:                           + confluentHub = (known after apply)
TestTerraformConfluentPlatformExample 2022-08-01T19:16:32Z logger.go:66:                           + locationType = (known after apply)
TestTerraformConfluentPlatformExample 2022-08-01T19:16:32Z logger.go:66:                           + url          = (known after apply)
TestTerraformConfluentPlatformExample 2022-08-01T19:16:32Z logger.go:66:                         }
TestTerraformConfluentPlatformExample 2022-08-01T19:16:32Z logger.go:66:                       + storageLimit = (known after apply)
TestTerraformConfluentPlatformExample 2022-08-01T19:16:32Z logger.go:66:                     }
TestTerraformConfluentPlatformExample 2022-08-01T19:16:32Z logger.go:66:                   + type     = (known after apply)
TestTerraformConfluentPlatformExample 2022-08-01T19:16:32Z logger.go:66:                 }
TestTerraformConfluentPlatformExample 2022-08-01T19:16:32Z logger.go:66:               + configOverrides                = {
TestTerraformConfluentPlatformExample 2022-08-01T19:16:32Z logger.go:66:                   + jvm    = (known after apply)
TestTerraformConfluentPlatformExample 2022-08-01T19:16:32Z logger.go:66:                   + log4j  = (known after apply)
TestTerraformConfluentPlatformExample 2022-08-01T19:16:32Z logger.go:66:                   + server = (known after apply)
TestTerraformConfluentPlatformExample 2022-08-01T19:16:32Z logger.go:66:                 }
TestTerraformConfluentPlatformExample 2022-08-01T19:16:32Z logger.go:66:               + connectorOverridePolicy        = (known after apply)
TestTerraformConfluentPlatformExample 2022-08-01T19:16:32Z logger.go:66:               + connectorTLSCerts              = (known after apply)
TestTerraformConfluentPlatformExample 2022-08-01T19:16:32Z logger.go:66:               + dependencies                   = {
TestTerraformConfluentPlatformExample 2022-08-01T19:16:32Z logger.go:66:                   + admin          = {
TestTerraformConfluentPlatformExample 2022-08-01T19:16:32Z logger.go:66:                       + authentication    = {
TestTerraformConfluentPlatformExample 2022-08-01T19:16:32Z logger.go:66:                           + jaasConfig            = {
TestTerraformConfluentPlatformExample 2022-08-01T19:16:32Z logger.go:66:                               + secretRef = (known after apply)
TestTerraformConfluentPlatformExample 2022-08-01T19:16:32Z logger.go:66:                             }
TestTerraformConfluentPlatformExample 2022-08-01T19:16:32Z logger.go:66:                           + jaasConfigPassThrough = {
TestTerraformConfluentPlatformExample 2022-08-01T19:16:32Z logger.go:66:                               + directoryPathInContainer = (known after apply)
TestTerraformConfluentPlatformExample 2022-08-01T19:16:32Z logger.go:66:                               + secretRef                = (known after apply)
TestTerraformConfluentPlatformExample 2022-08-01T19:16:32Z logger.go:66:                             }
TestTerraformConfluentPlatformExample 2022-08-01T19:16:32Z logger.go:66:                           + oauthbearer           = {
TestTerraformConfluentPlatformExample 2022-08-01T19:16:32Z logger.go:66:                               + directoryPathInContainer = (known after apply)
TestTerraformConfluentPlatformExample 2022-08-01T19:16:32Z logger.go:66:                               + secretRef                = (known after apply)
TestTerraformConfluentPlatformExample 2022-08-01T19:16:32Z logger.go:66:                             }
TestTerraformConfluentPlatformExample 2022-08-01T19:16:32Z logger.go:66:                           + type                  = (known after apply)
TestTerraformConfluentPlatformExample 2022-08-01T19:16:32Z logger.go:66:                         }
TestTerraformConfluentPlatformExample 2022-08-01T19:16:32Z logger.go:66:                       + bootstrapEndpoint = (known after apply)
TestTerraformConfluentPlatformExample 2022-08-01T19:16:32Z logger.go:66:                       + discovery         = {
TestTerraformConfluentPlatformExample 2022-08-01T19:16:32Z logger.go:66:                           + name      = (known after apply)
TestTerraformConfluentPlatformExample 2022-08-01T19:16:32Z logger.go:66:                           + namespace = (known after apply)
TestTerraformConfluentPlatformExample 2022-08-01T19:16:32Z logger.go:66:                           + secretRef = (known after apply)
TestTerraformConfluentPlatformExample 2022-08-01T19:16:32Z logger.go:66:                         }
TestTerraformConfluentPlatformExample 2022-08-01T19:16:32Z logger.go:66:                       + tls               = {
TestTerraformConfluentPlatformExample 2022-08-01T19:16:32Z logger.go:66:                           + directoryPathInContainer = (known after apply)
TestTerraformConfluentPlatformExample 2022-08-01T19:16:32Z logger.go:66:                           + enabled                  = (known after apply)
TestTerraformConfluentPlatformExample 2022-08-01T19:16:32Z logger.go:66:                           + ignoreTrustStoreConfig   = (known after apply)
TestTerraformConfluentPlatformExample 2022-08-01T19:16:32Z logger.go:66:                           + jksPassword              = {
TestTerraformConfluentPlatformExample 2022-08-01T19:16:32Z logger.go:66:                               + secretRef = (known after apply)
TestTerraformConfluentPlatformExample 2022-08-01T19:16:32Z logger.go:66:                             }
TestTerraformConfluentPlatformExample 2022-08-01T19:16:32Z logger.go:66:                           + secretRef                = (known after apply)
TestTerraformConfluentPlatformExample 2022-08-01T19:16:32Z logger.go:66:                         }
TestTerraformConfluentPlatformExample 2022-08-01T19:16:32Z logger.go:66:                     }
TestTerraformConfluentPlatformExample 2022-08-01T19:16:32Z logger.go:66:                   + consumer       = {
TestTerraformConfluentPlatformExample 2022-08-01T19:16:32Z logger.go:66:                       + authentication    = {
TestTerraformConfluentPlatformExample 2022-08-01T19:16:32Z logger.go:66:                           + jaasConfig            = {
TestTerraformConfluentPlatformExample 2022-08-01T19:16:32Z logger.go:66:                               + secretRef = (known after apply)
TestTerraformConfluentPlatformExample 2022-08-01T19:16:32Z logger.go:66:                             }
TestTerraformConfluentPlatformExample 2022-08-01T19:16:32Z logger.go:66:                           + jaasConfigPassThrough = {
TestTerraformConfluentPlatformExample 2022-08-01T19:16:32Z logger.go:66:                               + directoryPathInContainer = (known after apply)
TestTerraformConfluentPlatformExample 2022-08-01T19:16:32Z logger.go:66:                               + secretRef                = (known after apply)
TestTerraformConfluentPlatformExample 2022-08-01T19:16:32Z logger.go:66:                             }
TestTerraformConfluentPlatformExample 2022-08-01T19:16:32Z logger.go:66:                           + oauthbearer           = {
TestTerraformConfluentPlatformExample 2022-08-01T19:16:32Z logger.go:66:                               + directoryPathInContainer = (known after apply)
TestTerraformConfluentPlatformExample 2022-08-01T19:16:32Z logger.go:66:                               + secretRef                = (known after apply)
TestTerraformConfluentPlatformExample 2022-08-01T19:16:32Z logger.go:66:                             }
TestTerraformConfluentPlatformExample 2022-08-01T19:16:32Z logger.go:66:                           + type                  = (known after apply)
TestTerraformConfluentPlatformExample 2022-08-01T19:16:32Z logger.go:66:                         }
TestTerraformConfluentPlatformExample 2022-08-01T19:16:32Z logger.go:66:                       + bootstrapEndpoint = (known after apply)
TestTerraformConfluentPlatformExample 2022-08-01T19:16:32Z logger.go:66:                       + discovery         = {
TestTerraformConfluentPlatformExample 2022-08-01T19:16:32Z logger.go:66:                           + name      = (known after apply)
TestTerraformConfluentPlatformExample 2022-08-01T19:16:32Z logger.go:66:                           + namespace = (known after apply)
TestTerraformConfluentPlatformExample 2022-08-01T19:16:32Z logger.go:66:                           + secretRef = (known after apply)
TestTerraformConfluentPlatformExample 2022-08-01T19:16:32Z logger.go:66:                         }
TestTerraformConfluentPlatformExample 2022-08-01T19:16:32Z logger.go:66:                       + tls               = {
TestTerraformConfluentPlatformExample 2022-08-01T19:16:32Z logger.go:66:                           + directoryPathInContainer = (known after apply)
TestTerraformConfluentPlatformExample 2022-08-01T19:16:32Z logger.go:66:                           + enabled                  = (known after apply)
TestTerraformConfluentPlatformExample 2022-08-01T19:16:32Z logger.go:66:                           + ignoreTrustStoreConfig   = (known after apply)
TestTerraformConfluentPlatformExample 2022-08-01T19:16:32Z logger.go:66:                           + jksPassword              = {
TestTerraformConfluentPlatformExample 2022-08-01T19:16:32Z logger.go:66:                               + secretRef = (known after apply)
TestTerraformConfluentPlatformExample 2022-08-01T19:16:32Z logger.go:66:                             }
TestTerraformConfluentPlatformExample 2022-08-01T19:16:32Z logger.go:66:                           + secretRef                = (known after apply)
TestTerraformConfluentPlatformExample 2022-08-01T19:16:32Z logger.go:66:                         }
TestTerraformConfluentPlatformExample 2022-08-01T19:16:32Z logger.go:66:                     }
TestTerraformConfluentPlatformExample 2022-08-01T19:16:32Z logger.go:66:                   + interceptor    = {
TestTerraformConfluentPlatformExample 2022-08-01T19:16:32Z logger.go:66:                       + configs   = (known after apply)
TestTerraformConfluentPlatformExample 2022-08-01T19:16:32Z logger.go:66:                       + consumer  = {
TestTerraformConfluentPlatformExample 2022-08-01T19:16:32Z logger.go:66:                           + authentication    = {
TestTerraformConfluentPlatformExample 2022-08-01T19:16:32Z logger.go:66:                               + jaasConfig            = {
TestTerraformConfluentPlatformExample 2022-08-01T19:16:32Z logger.go:66:                                   + secretRef = (known after apply)
TestTerraformConfluentPlatformExample 2022-08-01T19:16:32Z logger.go:66:                                 }
TestTerraformConfluentPlatformExample 2022-08-01T19:16:32Z logger.go:66:                               + jaasConfigPassThrough = {
TestTerraformConfluentPlatformExample 2022-08-01T19:16:32Z logger.go:66:                                   + directoryPathInContainer = (known after apply)
TestTerraformConfluentPlatformExample 2022-08-01T19:16:32Z logger.go:66:                                   + secretRef                = (known after apply)
TestTerraformConfluentPlatformExample 2022-08-01T19:16:32Z logger.go:66:                                 }
TestTerraformConfluentPlatformExample 2022-08-01T19:16:32Z logger.go:66:                               + oauthbearer           = {
TestTerraformConfluentPlatformExample 2022-08-01T19:16:32Z logger.go:66:                                   + directoryPathInContainer = (known after apply)
TestTerraformConfluentPlatformExample 2022-08-01T19:16:32Z logger.go:66:                                   + secretRef                = (known after apply)
TestTerraformConfluentPlatformExample 2022-08-01T19:16:32Z logger.go:66:                                 }
TestTerraformConfluentPlatformExample 2022-08-01T19:16:32Z logger.go:66:                               + type                  = (known after apply)
TestTerraformConfluentPlatformExample 2022-08-01T19:16:32Z logger.go:66:                             }
TestTerraformConfluentPlatformExample 2022-08-01T19:16:32Z logger.go:66:                           + bootstrapEndpoint = (known after apply)
TestTerraformConfluentPlatformExample 2022-08-01T19:16:32Z logger.go:66:                           + discovery         = {
TestTerraformConfluentPlatformExample 2022-08-01T19:16:32Z logger.go:66:                               + name      = (known after apply)
TestTerraformConfluentPlatformExample 2022-08-01T19:16:32Z logger.go:66:                               + namespace = (known after apply)
TestTerraformConfluentPlatformExample 2022-08-01T19:16:32Z logger.go:66:                               + secretRef = (known after apply)
TestTerraformConfluentPlatformExample 2022-08-01T19:16:32Z logger.go:66:                             }
TestTerraformConfluentPlatformExample 2022-08-01T19:16:32Z logger.go:66:                           + tls               = {
TestTerraformConfluentPlatformExample 2022-08-01T19:16:32Z logger.go:66:                               + directoryPathInContainer = (known after apply)
TestTerraformConfluentPlatformExample 2022-08-01T19:16:32Z logger.go:66:                               + enabled                  = (known after apply)
TestTerraformConfluentPlatformExample 2022-08-01T19:16:32Z logger.go:66:                               + ignoreTrustStoreConfig   = (known after apply)
TestTerraformConfluentPlatformExample 2022-08-01T19:16:32Z logger.go:66:                               + jksPassword              = {
TestTerraformConfluentPlatformExample 2022-08-01T19:16:32Z logger.go:66:                                   + secretRef = (known after apply)
TestTerraformConfluentPlatformExample 2022-08-01T19:16:32Z logger.go:66:                                 }
TestTerraformConfluentPlatformExample 2022-08-01T19:16:32Z logger.go:66:                               + secretRef                = (known after apply)
TestTerraformConfluentPlatformExample 2022-08-01T19:16:32Z logger.go:66:                             }
TestTerraformConfluentPlatformExample 2022-08-01T19:16:32Z logger.go:66:                         }
TestTerraformConfluentPlatformExample 2022-08-01T19:16:32Z logger.go:66:                       + enabled   = (known after apply)
TestTerraformConfluentPlatformExample 2022-08-01T19:16:32Z logger.go:66:                       + producer  = {
TestTerraformConfluentPlatformExample 2022-08-01T19:16:32Z logger.go:66:                           + authentication    = {
TestTerraformConfluentPlatformExample 2022-08-01T19:16:32Z logger.go:66:                               + jaasConfig            = {
TestTerraformConfluentPlatformExample 2022-08-01T19:16:32Z logger.go:66:                                   + secretRef = (known after apply)
TestTerraformConfluentPlatformExample 2022-08-01T19:16:32Z logger.go:66:                                 }
TestTerraformConfluentPlatformExample 2022-08-01T19:16:32Z logger.go:66:                               + jaasConfigPassThrough = {
TestTerraformConfluentPlatformExample 2022-08-01T19:16:32Z logger.go:66:                                   + directoryPathInContainer = (known after apply)
TestTerraformConfluentPlatformExample 2022-08-01T19:16:32Z logger.go:66:                                   + secretRef                = (known after apply)
TestTerraformConfluentPlatformExample 2022-08-01T19:16:32Z logger.go:66:                                 }
TestTerraformConfluentPlatformExample 2022-08-01T19:16:32Z logger.go:66:                               + oauthbearer           = {
TestTerraformConfluentPlatformExample 2022-08-01T19:16:32Z logger.go:66:                                   + directoryPathInContainer = (known after apply)
TestTerraformConfluentPlatformExample 2022-08-01T19:16:32Z logger.go:66:                                   + secretRef                = (known after apply)
TestTerraformConfluentPlatformExample 2022-08-01T19:16:32Z logger.go:66:                                 }
TestTerraformConfluentPlatformExample 2022-08-01T19:16:32Z logger.go:66:                               + type                  = (known after apply)
TestTerraformConfluentPlatformExample 2022-08-01T19:16:32Z logger.go:66:                             }
TestTerraformConfluentPlatformExample 2022-08-01T19:16:32Z logger.go:66:                           + bootstrapEndpoint = (known after apply)
TestTerraformConfluentPlatformExample 2022-08-01T19:16:32Z logger.go:66:                           + discovery         = {
TestTerraformConfluentPlatformExample 2022-08-01T19:16:32Z logger.go:66:                               + name      = (known after apply)
TestTerraformConfluentPlatformExample 2022-08-01T19:16:32Z logger.go:66:                               + namespace = (known after apply)
TestTerraformConfluentPlatformExample 2022-08-01T19:16:32Z logger.go:66:                               + secretRef = (known after apply)
TestTerraformConfluentPlatformExample 2022-08-01T19:16:32Z logger.go:66:                             }
TestTerraformConfluentPlatformExample 2022-08-01T19:16:32Z logger.go:66:                           + tls               = {
TestTerraformConfluentPlatformExample 2022-08-01T19:16:32Z logger.go:66:                               + directoryPathInContainer = (known after apply)
TestTerraformConfluentPlatformExample 2022-08-01T19:16:32Z logger.go:66:                               + enabled                  = (known after apply)
TestTerraformConfluentPlatformExample 2022-08-01T19:16:32Z logger.go:66:                               + ignoreTrustStoreConfig   = (known after apply)
TestTerraformConfluentPlatformExample 2022-08-01T19:16:32Z logger.go:66:                               + jksPassword              = {
TestTerraformConfluentPlatformExample 2022-08-01T19:16:32Z logger.go:66:                                   + secretRef = (known after apply)
TestTerraformConfluentPlatformExample 2022-08-01T19:16:32Z logger.go:66:                                 }
TestTerraformConfluentPlatformExample 2022-08-01T19:16:32Z logger.go:66:                               + secretRef                = (known after apply)
TestTerraformConfluentPlatformExample 2022-08-01T19:16:32Z logger.go:66:                             }
TestTerraformConfluentPlatformExample 2022-08-01T19:16:32Z logger.go:66:                         }
TestTerraformConfluentPlatformExample 2022-08-01T19:16:32Z logger.go:66:                       + publishMs = (known after apply)
TestTerraformConfluentPlatformExample 2022-08-01T19:16:32Z logger.go:66:                     }
TestTerraformConfluentPlatformExample 2022-08-01T19:16:32Z logger.go:66:                   + kafka          = {
TestTerraformConfluentPlatformExample 2022-08-01T19:16:32Z logger.go:66:                       + authentication    = {
TestTerraformConfluentPlatformExample 2022-08-01T19:16:32Z logger.go:66:                           + jaasConfig            = {
TestTerraformConfluentPlatformExample 2022-08-01T19:16:32Z logger.go:66:                               + secretRef = (known after apply)
TestTerraformConfluentPlatformExample 2022-08-01T19:16:32Z logger.go:66:                             }
TestTerraformConfluentPlatformExample 2022-08-01T19:16:32Z logger.go:66:                           + jaasConfigPassThrough = {
TestTerraformConfluentPlatformExample 2022-08-01T19:16:32Z logger.go:66:                               + directoryPathInContainer = (known after apply)
TestTerraformConfluentPlatformExample 2022-08-01T19:16:32Z logger.go:66:                               + secretRef                = (known after apply)
TestTerraformConfluentPlatformExample 2022-08-01T19:16:32Z logger.go:66:                             }
TestTerraformConfluentPlatformExample 2022-08-01T19:16:32Z logger.go:66:                           + oauthbearer           = {
TestTerraformConfluentPlatformExample 2022-08-01T19:16:32Z logger.go:66:                               + directoryPathInContainer = (known after apply)
TestTerraformConfluentPlatformExample 2022-08-01T19:16:32Z logger.go:66:                               + secretRef                = (known after apply)
TestTerraformConfluentPlatformExample 2022-08-01T19:16:32Z logger.go:66:                             }
TestTerraformConfluentPlatformExample 2022-08-01T19:16:32Z logger.go:66:                           + type                  = (known after apply)
TestTerraformConfluentPlatformExample 2022-08-01T19:16:32Z logger.go:66:                         }
TestTerraformConfluentPlatformExample 2022-08-01T19:16:32Z logger.go:66:                       + bootstrapEndpoint = "kafka:9071"
TestTerraformConfluentPlatformExample 2022-08-01T19:16:32Z logger.go:66:                       + discovery         = {
TestTerraformConfluentPlatformExample 2022-08-01T19:16:32Z logger.go:66:                           + name      = (known after apply)
TestTerraformConfluentPlatformExample 2022-08-01T19:16:32Z logger.go:66:                           + namespace = (known after apply)
TestTerraformConfluentPlatformExample 2022-08-01T19:16:32Z logger.go:66:                           + secretRef = (known after apply)
TestTerraformConfluentPlatformExample 2022-08-01T19:16:32Z logger.go:66:                         }
TestTerraformConfluentPlatformExample 2022-08-01T19:16:32Z logger.go:66:                       + tls               = {
TestTerraformConfluentPlatformExample 2022-08-01T19:16:32Z logger.go:66:                           + directoryPathInContainer = (known after apply)
TestTerraformConfluentPlatformExample 2022-08-01T19:16:32Z logger.go:66:                           + enabled                  = (known after apply)
TestTerraformConfluentPlatformExample 2022-08-01T19:16:32Z logger.go:66:                           + ignoreTrustStoreConfig   = (known after apply)
TestTerraformConfluentPlatformExample 2022-08-01T19:16:32Z logger.go:66:                           + jksPassword              = {
TestTerraformConfluentPlatformExample 2022-08-01T19:16:32Z logger.go:66:                               + secretRef = (known after apply)
TestTerraformConfluentPlatformExample 2022-08-01T19:16:32Z logger.go:66:                             }
TestTerraformConfluentPlatformExample 2022-08-01T19:16:32Z logger.go:66:                           + secretRef                = (known after apply)
TestTerraformConfluentPlatformExample 2022-08-01T19:16:32Z logger.go:66:                         }
TestTerraformConfluentPlatformExample 2022-08-01T19:16:32Z logger.go:66:                     }
TestTerraformConfluentPlatformExample 2022-08-01T19:16:32Z logger.go:66:                   + mds            = {
TestTerraformConfluentPlatformExample 2022-08-01T19:16:32Z logger.go:66:                       + authentication = {
TestTerraformConfluentPlatformExample 2022-08-01T19:16:32Z logger.go:66:                           + bearer = {
TestTerraformConfluentPlatformExample 2022-08-01T19:16:32Z logger.go:66:                               + directoryPathInContainer = (known after apply)
TestTerraformConfluentPlatformExample 2022-08-01T19:16:32Z logger.go:66:                               + secretRef                = (known after apply)
TestTerraformConfluentPlatformExample 2022-08-01T19:16:32Z logger.go:66:                             }
TestTerraformConfluentPlatformExample 2022-08-01T19:16:32Z logger.go:66:                           + type   = (known after apply)
TestTerraformConfluentPlatformExample 2022-08-01T19:16:32Z logger.go:66:                         }
TestTerraformConfluentPlatformExample 2022-08-01T19:16:32Z logger.go:66:                       + endpoint       = (known after apply)
TestTerraformConfluentPlatformExample 2022-08-01T19:16:32Z logger.go:66:                       + tls            = {
TestTerraformConfluentPlatformExample 2022-08-01T19:16:32Z logger.go:66:                           + directoryPathInContainer = (known after apply)
TestTerraformConfluentPlatformExample 2022-08-01T19:16:32Z logger.go:66:                           + enabled                  = (known after apply)
TestTerraformConfluentPlatformExample 2022-08-01T19:16:32Z logger.go:66:                           + ignoreTrustStoreConfig   = (known after apply)
TestTerraformConfluentPlatformExample 2022-08-01T19:16:32Z logger.go:66:                           + jksPassword              = {
TestTerraformConfluentPlatformExample 2022-08-01T19:16:32Z logger.go:66:                               + secretRef = (known after apply)
TestTerraformConfluentPlatformExample 2022-08-01T19:16:32Z logger.go:66:                             }
TestTerraformConfluentPlatformExample 2022-08-01T19:16:32Z logger.go:66:                           + secretRef                = (known after apply)
TestTerraformConfluentPlatformExample 2022-08-01T19:16:32Z logger.go:66:                         }
TestTerraformConfluentPlatformExample 2022-08-01T19:16:32Z logger.go:66:                       + tokenKeyPair   = {
TestTerraformConfluentPlatformExample 2022-08-01T19:16:32Z logger.go:66:                           + directoryPathInContainer = (known after apply)
TestTerraformConfluentPlatformExample 2022-08-01T19:16:32Z logger.go:66:                           + secretRef                = (known after apply)
TestTerraformConfluentPlatformExample 2022-08-01T19:16:32Z logger.go:66:                         }
TestTerraformConfluentPlatformExample 2022-08-01T19:16:32Z logger.go:66:                     }
TestTerraformConfluentPlatformExample 2022-08-01T19:16:32Z logger.go:66:                   + producer       = {
TestTerraformConfluentPlatformExample 2022-08-01T19:16:32Z logger.go:66:                       + authentication    = {
TestTerraformConfluentPlatformExample 2022-08-01T19:16:32Z logger.go:66:                           + jaasConfig            = {
TestTerraformConfluentPlatformExample 2022-08-01T19:16:32Z logger.go:66:                               + secretRef = (known after apply)
TestTerraformConfluentPlatformExample 2022-08-01T19:16:32Z logger.go:66:                             }
TestTerraformConfluentPlatformExample 2022-08-01T19:16:32Z logger.go:66:                           + jaasConfigPassThrough = {
TestTerraformConfluentPlatformExample 2022-08-01T19:16:32Z logger.go:66:                               + directoryPathInContainer = (known after apply)
TestTerraformConfluentPlatformExample 2022-08-01T19:16:32Z logger.go:66:                               + secretRef                = (known after apply)
TestTerraformConfluentPlatformExample 2022-08-01T19:16:32Z logger.go:66:                             }
TestTerraformConfluentPlatformExample 2022-08-01T19:16:32Z logger.go:66:                           + oauthbearer           = {
TestTerraformConfluentPlatformExample 2022-08-01T19:16:32Z logger.go:66:                               + directoryPathInContainer = (known after apply)
TestTerraformConfluentPlatformExample 2022-08-01T19:16:32Z logger.go:66:                               + secretRef                = (known after apply)
TestTerraformConfluentPlatformExample 2022-08-01T19:16:32Z logger.go:66:                             }
TestTerraformConfluentPlatformExample 2022-08-01T19:16:32Z logger.go:66:                           + type                  = (known after apply)
TestTerraformConfluentPlatformExample 2022-08-01T19:16:32Z logger.go:66:                         }
TestTerraformConfluentPlatformExample 2022-08-01T19:16:32Z logger.go:66:                       + bootstrapEndpoint = (known after apply)
TestTerraformConfluentPlatformExample 2022-08-01T19:16:32Z logger.go:66:                       + discovery         = {
TestTerraformConfluentPlatformExample 2022-08-01T19:16:32Z logger.go:66:                           + name      = (known after apply)
TestTerraformConfluentPlatformExample 2022-08-01T19:16:32Z logger.go:66:                           + namespace = (known after apply)
TestTerraformConfluentPlatformExample 2022-08-01T19:16:32Z logger.go:66:                           + secretRef = (known after apply)
TestTerraformConfluentPlatformExample 2022-08-01T19:16:32Z logger.go:66:                         }
TestTerraformConfluentPlatformExample 2022-08-01T19:16:32Z logger.go:66:                       + tls               = {
TestTerraformConfluentPlatformExample 2022-08-01T19:16:32Z logger.go:66:                           + directoryPathInContainer = (known after apply)
TestTerraformConfluentPlatformExample 2022-08-01T19:16:32Z logger.go:66:                           + enabled                  = (known after apply)
TestTerraformConfluentPlatformExample 2022-08-01T19:16:32Z logger.go:66:                           + ignoreTrustStoreConfig   = (known after apply)
TestTerraformConfluentPlatformExample 2022-08-01T19:16:32Z logger.go:66:                           + jksPassword              = {
TestTerraformConfluentPlatformExample 2022-08-01T19:16:32Z logger.go:66:                               + secretRef = (known after apply)
TestTerraformConfluentPlatformExample 2022-08-01T19:16:32Z logger.go:66:                             }
TestTerraformConfluentPlatformExample 2022-08-01T19:16:32Z logger.go:66:                           + secretRef                = (known after apply)
TestTerraformConfluentPlatformExample 2022-08-01T19:16:32Z logger.go:66:                         }
TestTerraformConfluentPlatformExample 2022-08-01T19:16:32Z logger.go:66:                     }
TestTerraformConfluentPlatformExample 2022-08-01T19:16:32Z logger.go:66:                   + schemaRegistry = {
TestTerraformConfluentPlatformExample 2022-08-01T19:16:32Z logger.go:66:                       + authentication = {
TestTerraformConfluentPlatformExample 2022-08-01T19:16:32Z logger.go:66:                           + basic = {
TestTerraformConfluentPlatformExample 2022-08-01T19:16:32Z logger.go:66:                               + debug                    = (known after apply)
TestTerraformConfluentPlatformExample 2022-08-01T19:16:32Z logger.go:66:                               + directoryPathInContainer = (known after apply)
TestTerraformConfluentPlatformExample 2022-08-01T19:16:32Z logger.go:66:                               + restrictedRoles          = (known after apply)
TestTerraformConfluentPlatformExample 2022-08-01T19:16:32Z logger.go:66:                               + roles                    = (known after apply)
TestTerraformConfluentPlatformExample 2022-08-01T19:16:32Z logger.go:66:                               + secretRef                = (known after apply)
TestTerraformConfluentPlatformExample 2022-08-01T19:16:32Z logger.go:66:                             }
TestTerraformConfluentPlatformExample 2022-08-01T19:16:32Z logger.go:66:                           + type  = (known after apply)
TestTerraformConfluentPlatformExample 2022-08-01T19:16:32Z logger.go:66:                         }
TestTerraformConfluentPlatformExample 2022-08-01T19:16:32Z logger.go:66:                       + tls            = {
TestTerraformConfluentPlatformExample 2022-08-01T19:16:32Z logger.go:66:                           + directoryPathInContainer = (known after apply)
TestTerraformConfluentPlatformExample 2022-08-01T19:16:32Z logger.go:66:                           + enabled                  = (known after apply)
TestTerraformConfluentPlatformExample 2022-08-01T19:16:32Z logger.go:66:                           + ignoreTrustStoreConfig   = (known after apply)
TestTerraformConfluentPlatformExample 2022-08-01T19:16:32Z logger.go:66:                           + jksPassword              = {
TestTerraformConfluentPlatformExample 2022-08-01T19:16:32Z logger.go:66:                               + secretRef = (known after apply)
TestTerraformConfluentPlatformExample 2022-08-01T19:16:32Z logger.go:66:                             }
TestTerraformConfluentPlatformExample 2022-08-01T19:16:32Z logger.go:66:                           + secretRef                = (known after apply)
TestTerraformConfluentPlatformExample 2022-08-01T19:16:32Z logger.go:66:                         }
TestTerraformConfluentPlatformExample 2022-08-01T19:16:32Z logger.go:66:                       + url            = (known after apply)
TestTerraformConfluentPlatformExample 2022-08-01T19:16:32Z logger.go:66:                     }
TestTerraformConfluentPlatformExample 2022-08-01T19:16:32Z logger.go:66:                 }
TestTerraformConfluentPlatformExample 2022-08-01T19:16:32Z logger.go:66:               + enableSchemas                  = (known after apply)
TestTerraformConfluentPlatformExample 2022-08-01T19:16:32Z logger.go:66:               + externalAccess                 = {
TestTerraformConfluentPlatformExample 2022-08-01T19:16:32Z logger.go:66:                   + loadBalancer = {
TestTerraformConfluentPlatformExample 2022-08-01T19:16:32Z logger.go:66:                       + advertisedURL            = {
TestTerraformConfluentPlatformExample 2022-08-01T19:16:32Z logger.go:66:                           + enabled = (known after apply)
TestTerraformConfluentPlatformExample 2022-08-01T19:16:32Z logger.go:66:                           + prefix  = (known after apply)
TestTerraformConfluentPlatformExample 2022-08-01T19:16:32Z logger.go:66:                         }
TestTerraformConfluentPlatformExample 2022-08-01T19:16:32Z logger.go:66:                       + annotations              = (known after apply)
TestTerraformConfluentPlatformExample 2022-08-01T19:16:32Z logger.go:66:                       + domain                   = (known after apply)
TestTerraformConfluentPlatformExample 2022-08-01T19:16:32Z logger.go:66:                       + externalTrafficPolicy    = (known after apply)
TestTerraformConfluentPlatformExample 2022-08-01T19:16:32Z logger.go:66:                       + labels                   = (known after apply)
TestTerraformConfluentPlatformExample 2022-08-01T19:16:32Z logger.go:66:                       + loadBalancerSourceRanges = (known after apply)
TestTerraformConfluentPlatformExample 2022-08-01T19:16:32Z logger.go:66:                       + port                     = (known after apply)
TestTerraformConfluentPlatformExample 2022-08-01T19:16:32Z logger.go:66:                       + prefix                   = (known after apply)
TestTerraformConfluentPlatformExample 2022-08-01T19:16:32Z logger.go:66:                       + servicePorts             = (known after apply)
TestTerraformConfluentPlatformExample 2022-08-01T19:16:32Z logger.go:66:                       + sessionAffinity          = (known after apply)
TestTerraformConfluentPlatformExample 2022-08-01T19:16:32Z logger.go:66:                       + sessionAffinityConfig    = {
TestTerraformConfluentPlatformExample 2022-08-01T19:16:32Z logger.go:66:                           + clientIP = {
TestTerraformConfluentPlatformExample 2022-08-01T19:16:32Z logger.go:66:                               + timeoutSeconds = (known after apply)
TestTerraformConfluentPlatformExample 2022-08-01T19:16:32Z logger.go:66:                             }
TestTerraformConfluentPlatformExample 2022-08-01T19:16:32Z logger.go:66:                         }
TestTerraformConfluentPlatformExample 2022-08-01T19:16:32Z logger.go:66:                     }
TestTerraformConfluentPlatformExample 2022-08-01T19:16:32Z logger.go:66:                   + nodePort     = {
TestTerraformConfluentPlatformExample 2022-08-01T19:16:32Z logger.go:66:                       + advertisedURL         = {
TestTerraformConfluentPlatformExample 2022-08-01T19:16:32Z logger.go:66:                           + enabled = (known after apply)
TestTerraformConfluentPlatformExample 2022-08-01T19:16:32Z logger.go:66:                           + prefix  = (known after apply)
TestTerraformConfluentPlatformExample 2022-08-01T19:16:32Z logger.go:66:                         }
TestTerraformConfluentPlatformExample 2022-08-01T19:16:32Z logger.go:66:                       + annotations           = (known after apply)
TestTerraformConfluentPlatformExample 2022-08-01T19:16:32Z logger.go:66:                       + externalTrafficPolicy = (known after apply)
TestTerraformConfluentPlatformExample 2022-08-01T19:16:32Z logger.go:66:                       + host                  = (known after apply)
TestTerraformConfluentPlatformExample 2022-08-01T19:16:32Z logger.go:66:                       + labels                = (known after apply)
TestTerraformConfluentPlatformExample 2022-08-01T19:16:32Z logger.go:66:                       + nodePortOffset        = (known after apply)
TestTerraformConfluentPlatformExample 2022-08-01T19:16:32Z logger.go:66:                       + servicePorts          = (known after apply)
TestTerraformConfluentPlatformExample 2022-08-01T19:16:32Z logger.go:66:                       + sessionAffinity       = (known after apply)
TestTerraformConfluentPlatformExample 2022-08-01T19:16:32Z logger.go:66:                       + sessionAffinityConfig = {
TestTerraformConfluentPlatformExample 2022-08-01T19:16:32Z logger.go:66:                           + clientIP = {
TestTerraformConfluentPlatformExample 2022-08-01T19:16:32Z logger.go:66:                               + timeoutSeconds = (known after apply)
TestTerraformConfluentPlatformExample 2022-08-01T19:16:32Z logger.go:66:                             }
TestTerraformConfluentPlatformExample 2022-08-01T19:16:32Z logger.go:66:                         }
TestTerraformConfluentPlatformExample 2022-08-01T19:16:32Z logger.go:66:                     }
TestTerraformConfluentPlatformExample 2022-08-01T19:16:32Z logger.go:66:                   + route        = {
TestTerraformConfluentPlatformExample 2022-08-01T19:16:32Z logger.go:66:                       + annotations    = (known after apply)
TestTerraformConfluentPlatformExample 2022-08-01T19:16:32Z logger.go:66:                       + domain         = (known after apply)
TestTerraformConfluentPlatformExample 2022-08-01T19:16:32Z logger.go:66:                       + labels         = (known after apply)
TestTerraformConfluentPlatformExample 2022-08-01T19:16:32Z logger.go:66:                       + prefix         = (known after apply)
TestTerraformConfluentPlatformExample 2022-08-01T19:16:32Z logger.go:66:                       + wildcardPolicy = (known after apply)
TestTerraformConfluentPlatformExample 2022-08-01T19:16:32Z logger.go:66:                     }
TestTerraformConfluentPlatformExample 2022-08-01T19:16:32Z logger.go:66:                   + type         = (known after apply)
TestTerraformConfluentPlatformExample 2022-08-01T19:16:32Z logger.go:66:                 }
TestTerraformConfluentPlatformExample 2022-08-01T19:16:32Z logger.go:66:               + headlessService                = {
TestTerraformConfluentPlatformExample 2022-08-01T19:16:32Z logger.go:66:                   + annotations              = (known after apply)
TestTerraformConfluentPlatformExample 2022-08-01T19:16:32Z logger.go:66:                   + labels                   = (known after apply)
TestTerraformConfluentPlatformExample 2022-08-01T19:16:32Z logger.go:66:                   + publishNotReadyAddresses = (known after apply)
TestTerraformConfluentPlatformExample 2022-08-01T19:16:32Z logger.go:66:                 }
TestTerraformConfluentPlatformExample 2022-08-01T19:16:32Z logger.go:66:               + image                          = {
TestTerraformConfluentPlatformExample 2022-08-01T19:16:32Z logger.go:66:                   + application   = "confluentinc/cp-server-connect:7.2.0"
TestTerraformConfluentPlatformExample 2022-08-01T19:16:32Z logger.go:66:                   + init          = "confluentinc/confluent-init-container:2.4.0"
TestTerraformConfluentPlatformExample 2022-08-01T19:16:32Z logger.go:66:                   + pullPolicy    = (known after apply)
TestTerraformConfluentPlatformExample 2022-08-01T19:16:32Z logger.go:66:                   + pullSecretRef = (known after apply)
TestTerraformConfluentPlatformExample 2022-08-01T19:16:32Z logger.go:66:                 }
TestTerraformConfluentPlatformExample 2022-08-01T19:16:32Z logger.go:66:               + injectAnnotations              = (known after apply)
TestTerraformConfluentPlatformExample 2022-08-01T19:16:32Z logger.go:66:               + injectLabels                   = (known after apply)
TestTerraformConfluentPlatformExample 2022-08-01T19:16:32Z logger.go:66:               + internalTopicReplicationFactor = (known after apply)
TestTerraformConfluentPlatformExample 2022-08-01T19:16:32Z logger.go:66:               + k8sClusterDomain               = (known after apply)
TestTerraformConfluentPlatformExample 2022-08-01T19:16:32Z logger.go:66:               + keyConverterType               = (known after apply)
TestTerraformConfluentPlatformExample 2022-08-01T19:16:32Z logger.go:66:               + license                        = {
TestTerraformConfluentPlatformExample 2022-08-01T19:16:32Z logger.go:66:                   + directoryPathInContainer = (known after apply)
TestTerraformConfluentPlatformExample 2022-08-01T19:16:32Z logger.go:66:                   + globalLicense            = (known after apply)
TestTerraformConfluentPlatformExample 2022-08-01T19:16:32Z logger.go:66:                   + secretRef                = (known after apply)
TestTerraformConfluentPlatformExample 2022-08-01T19:16:32Z logger.go:66:                 }
TestTerraformConfluentPlatformExample 2022-08-01T19:16:32Z logger.go:66:               + metrics                        = {
TestTerraformConfluentPlatformExample 2022-08-01T19:16:32Z logger.go:66:                   + authentication = {
TestTerraformConfluentPlatformExample 2022-08-01T19:16:32Z logger.go:66:                       + type = (known after apply)
TestTerraformConfluentPlatformExample 2022-08-01T19:16:32Z logger.go:66:                     }
TestTerraformConfluentPlatformExample 2022-08-01T19:16:32Z logger.go:66:                   + prometheus     = {
TestTerraformConfluentPlatformExample 2022-08-01T19:16:32Z logger.go:66:                       + blacklist = (known after apply)
TestTerraformConfluentPlatformExample 2022-08-01T19:16:32Z logger.go:66:                       + rules     = (known after apply)
TestTerraformConfluentPlatformExample 2022-08-01T19:16:32Z logger.go:66:                       + whitelist = (known after apply)
TestTerraformConfluentPlatformExample 2022-08-01T19:16:32Z logger.go:66:                     }
TestTerraformConfluentPlatformExample 2022-08-01T19:16:32Z logger.go:66:                   + tls            = {
TestTerraformConfluentPlatformExample 2022-08-01T19:16:32Z logger.go:66:                       + directoryPathInContainer = (known after apply)
TestTerraformConfluentPlatformExample 2022-08-01T19:16:32Z logger.go:66:                       + enabled                  = (known after apply)
TestTerraformConfluentPlatformExample 2022-08-01T19:16:32Z logger.go:66:                       + ignoreTrustStoreConfig   = (known after apply)
TestTerraformConfluentPlatformExample 2022-08-01T19:16:32Z logger.go:66:                       + jksPassword              = {
TestTerraformConfluentPlatformExample 2022-08-01T19:16:32Z logger.go:66:                           + secretRef = (known after apply)
TestTerraformConfluentPlatformExample 2022-08-01T19:16:32Z logger.go:66:                         }
TestTerraformConfluentPlatformExample 2022-08-01T19:16:32Z logger.go:66:                       + secretRef                = (known after apply)
TestTerraformConfluentPlatformExample 2022-08-01T19:16:32Z logger.go:66:                     }
TestTerraformConfluentPlatformExample 2022-08-01T19:16:32Z logger.go:66:                 }
TestTerraformConfluentPlatformExample 2022-08-01T19:16:32Z logger.go:66:               + mountedSecrets                 = (known after apply)
TestTerraformConfluentPlatformExample 2022-08-01T19:16:32Z logger.go:66:               + mountedVolumes                 = {
TestTerraformConfluentPlatformExample 2022-08-01T19:16:32Z logger.go:66:                   + volumeMounts = (known after apply)
TestTerraformConfluentPlatformExample 2022-08-01T19:16:32Z logger.go:66:                   + volumes      = (known after apply)
TestTerraformConfluentPlatformExample 2022-08-01T19:16:32Z logger.go:66:                 }
TestTerraformConfluentPlatformExample 2022-08-01T19:16:32Z logger.go:66:               + oneReplicaPerNode              = (known after apply)
TestTerraformConfluentPlatformExample 2022-08-01T19:16:32Z logger.go:66:               + podTemplate                    = {
TestTerraformConfluentPlatformExample 2022-08-01T19:16:32Z logger.go:66:                   + affinity                      = {
TestTerraformConfluentPlatformExample 2022-08-01T19:16:32Z logger.go:66:                       + nodeAffinity    = {
TestTerraformConfluentPlatformExample 2022-08-01T19:16:32Z logger.go:66:                           + preferredDuringSchedulingIgnoredDuringExecution = (known after apply)
TestTerraformConfluentPlatformExample 2022-08-01T19:16:32Z logger.go:66:                           + requiredDuringSchedulingIgnoredDuringExecution  = {
TestTerraformConfluentPlatformExample 2022-08-01T19:16:32Z logger.go:66:                               + nodeSelectorTerms = (known after apply)
TestTerraformConfluentPlatformExample 2022-08-01T19:16:32Z logger.go:66:                             }
TestTerraformConfluentPlatformExample 2022-08-01T19:16:32Z logger.go:66:                         }
TestTerraformConfluentPlatformExample 2022-08-01T19:16:32Z logger.go:66:                       + podAffinity     = {
TestTerraformConfluentPlatformExample 2022-08-01T19:16:32Z logger.go:66:                           + preferredDuringSchedulingIgnoredDuringExecution = (known after apply)
TestTerraformConfluentPlatformExample 2022-08-01T19:16:32Z logger.go:66:                           + requiredDuringSchedulingIgnoredDuringExecution  = (known after apply)
TestTerraformConfluentPlatformExample 2022-08-01T19:16:32Z logger.go:66:                         }
TestTerraformConfluentPlatformExample 2022-08-01T19:16:32Z logger.go:66:                       + podAntiAffinity = {
TestTerraformConfluentPlatformExample 2022-08-01T19:16:32Z logger.go:66:                           + preferredDuringSchedulingIgnoredDuringExecution = (known after apply)
TestTerraformConfluentPlatformExample 2022-08-01T19:16:32Z logger.go:66:                           + requiredDuringSchedulingIgnoredDuringExecution  = (known after apply)
TestTerraformConfluentPlatformExample 2022-08-01T19:16:32Z logger.go:66:                         }
TestTerraformConfluentPlatformExample 2022-08-01T19:16:32Z logger.go:66:                     }
TestTerraformConfluentPlatformExample 2022-08-01T19:16:32Z logger.go:66:                   + annotations                   = (known after apply)
TestTerraformConfluentPlatformExample 2022-08-01T19:16:32Z logger.go:66:                   + envVars                       = (known after apply)
TestTerraformConfluentPlatformExample 2022-08-01T19:16:32Z logger.go:66:                   + labels                        = (known after apply)
TestTerraformConfluentPlatformExample 2022-08-01T19:16:32Z logger.go:66:                   + podSecurityContext            = {
TestTerraformConfluentPlatformExample 2022-08-01T19:16:32Z logger.go:66:                       + fsGroup             = (known after apply)
TestTerraformConfluentPlatformExample 2022-08-01T19:16:32Z logger.go:66:                       + fsGroupChangePolicy = (known after apply)
TestTerraformConfluentPlatformExample 2022-08-01T19:16:32Z logger.go:66:                       + runAsGroup          = (known after apply)
TestTerraformConfluentPlatformExample 2022-08-01T19:16:32Z logger.go:66:                       + runAsNonRoot        = (known after apply)
TestTerraformConfluentPlatformExample 2022-08-01T19:16:32Z logger.go:66:                       + runAsUser           = (known after apply)
TestTerraformConfluentPlatformExample 2022-08-01T19:16:32Z logger.go:66:                       + seLinuxOptions      = {
TestTerraformConfluentPlatformExample 2022-08-01T19:16:32Z logger.go:66:                           + level = (known after apply)
TestTerraformConfluentPlatformExample 2022-08-01T19:16:32Z logger.go:66:                           + role  = (known after apply)
TestTerraformConfluentPlatformExample 2022-08-01T19:16:32Z logger.go:66:                           + type  = (known after apply)
TestTerraformConfluentPlatformExample 2022-08-01T19:16:32Z logger.go:66:                           + user  = (known after apply)
TestTerraformConfluentPlatformExample 2022-08-01T19:16:32Z logger.go:66:                         }
TestTerraformConfluentPlatformExample 2022-08-01T19:16:32Z logger.go:66:                       + seccompProfile      = {
TestTerraformConfluentPlatformExample 2022-08-01T19:16:32Z logger.go:66:                           + localhostProfile = (known after apply)
TestTerraformConfluentPlatformExample 2022-08-01T19:16:32Z logger.go:66:                           + type             = (known after apply)
TestTerraformConfluentPlatformExample 2022-08-01T19:16:32Z logger.go:66:                         }
TestTerraformConfluentPlatformExample 2022-08-01T19:16:32Z logger.go:66:                       + supplementalGroups  = (known after apply)
TestTerraformConfluentPlatformExample 2022-08-01T19:16:32Z logger.go:66:                       + sysctls             = (known after apply)
TestTerraformConfluentPlatformExample 2022-08-01T19:16:32Z logger.go:66:                       + windowsOptions      = {
TestTerraformConfluentPlatformExample 2022-08-01T19:16:32Z logger.go:66:                           + gmsaCredentialSpec     = (known after apply)
TestTerraformConfluentPlatformExample 2022-08-01T19:16:32Z logger.go:66:                           + gmsaCredentialSpecName = (known after apply)
TestTerraformConfluentPlatformExample 2022-08-01T19:16:32Z logger.go:66:                           + hostProcess            = (known after apply)
TestTerraformConfluentPlatformExample 2022-08-01T19:16:32Z logger.go:66:                           + runAsUserName          = (known after apply)
TestTerraformConfluentPlatformExample 2022-08-01T19:16:32Z logger.go:66:                         }
TestTerraformConfluentPlatformExample 2022-08-01T19:16:32Z logger.go:66:                     }
TestTerraformConfluentPlatformExample 2022-08-01T19:16:32Z logger.go:66:                   + priorityClassName             = (known after apply)
TestTerraformConfluentPlatformExample 2022-08-01T19:16:32Z logger.go:66:                   + probe                         = {
TestTerraformConfluentPlatformExample 2022-08-01T19:16:32Z logger.go:66:                       + liveness  = {
TestTerraformConfluentPlatformExample 2022-08-01T19:16:32Z logger.go:66:                           + failureThreshold    = (known after apply)
TestTerraformConfluentPlatformExample 2022-08-01T19:16:32Z logger.go:66:                           + initialDelaySeconds = (known after apply)
TestTerraformConfluentPlatformExample 2022-08-01T19:16:32Z logger.go:66:                           + periodSeconds       = (known after apply)
TestTerraformConfluentPlatformExample 2022-08-01T19:16:32Z logger.go:66:                           + successThreshold    = (known after apply)
TestTerraformConfluentPlatformExample 2022-08-01T19:16:32Z logger.go:66:                           + timeoutSeconds      = (known after apply)
TestTerraformConfluentPlatformExample 2022-08-01T19:16:32Z logger.go:66:                         }
TestTerraformConfluentPlatformExample 2022-08-01T19:16:32Z logger.go:66:                       + readiness = {
TestTerraformConfluentPlatformExample 2022-08-01T19:16:32Z logger.go:66:                           + failureThreshold    = (known after apply)
TestTerraformConfluentPlatformExample 2022-08-01T19:16:32Z logger.go:66:                           + initialDelaySeconds = (known after apply)
TestTerraformConfluentPlatformExample 2022-08-01T19:16:32Z logger.go:66:                           + periodSeconds       = (known after apply)
TestTerraformConfluentPlatformExample 2022-08-01T19:16:32Z logger.go:66:                           + successThreshold    = (known after apply)
TestTerraformConfluentPlatformExample 2022-08-01T19:16:32Z logger.go:66:                           + timeoutSeconds      = (known after apply)
TestTerraformConfluentPlatformExample 2022-08-01T19:16:32Z logger.go:66:                         }
TestTerraformConfluentPlatformExample 2022-08-01T19:16:32Z logger.go:66:                     }
TestTerraformConfluentPlatformExample 2022-08-01T19:16:32Z logger.go:66:                   + resources                     = {
TestTerraformConfluentPlatformExample 2022-08-01T19:16:32Z logger.go:66:                       + limits   = (known after apply)
TestTerraformConfluentPlatformExample 2022-08-01T19:16:32Z logger.go:66:                       + requests = (known after apply)
TestTerraformConfluentPlatformExample 2022-08-01T19:16:32Z logger.go:66:                     }
TestTerraformConfluentPlatformExample 2022-08-01T19:16:32Z logger.go:66:                   + securityContext               = {
TestTerraformConfluentPlatformExample 2022-08-01T19:16:32Z logger.go:66:                       + allowPrivilegeEscalation = (known after apply)
TestTerraformConfluentPlatformExample 2022-08-01T19:16:32Z logger.go:66:                       + capabilities             = {
TestTerraformConfluentPlatformExample 2022-08-01T19:16:32Z logger.go:66:                           + add  = (known after apply)
TestTerraformConfluentPlatformExample 2022-08-01T19:16:32Z logger.go:66:                           + drop = (known after apply)
TestTerraformConfluentPlatformExample 2022-08-01T19:16:32Z logger.go:66:                         }
TestTerraformConfluentPlatformExample 2022-08-01T19:16:32Z logger.go:66:                       + privileged               = (known after apply)
TestTerraformConfluentPlatformExample 2022-08-01T19:16:32Z logger.go:66:                       + procMount                = (known after apply)
TestTerraformConfluentPlatformExample 2022-08-01T19:16:32Z logger.go:66:                       + readOnlyRootFilesystem   = (known after apply)
TestTerraformConfluentPlatformExample 2022-08-01T19:16:32Z logger.go:66:                       + runAsGroup               = (known after apply)
TestTerraformConfluentPlatformExample 2022-08-01T19:16:32Z logger.go:66:                       + runAsNonRoot             = (known after apply)
TestTerraformConfluentPlatformExample 2022-08-01T19:16:32Z logger.go:66:                       + runAsUser                = (known after apply)
TestTerraformConfluentPlatformExample 2022-08-01T19:16:32Z logger.go:66:                       + seLinuxOptions           = {
TestTerraformConfluentPlatformExample 2022-08-01T19:16:32Z logger.go:66:                           + level = (known after apply)
TestTerraformConfluentPlatformExample 2022-08-01T19:16:32Z logger.go:66:                           + role  = (known after apply)
TestTerraformConfluentPlatformExample 2022-08-01T19:16:32Z logger.go:66:                           + type  = (known after apply)
TestTerraformConfluentPlatformExample 2022-08-01T19:16:32Z logger.go:66:                           + user  = (known after apply)
TestTerraformConfluentPlatformExample 2022-08-01T19:16:32Z logger.go:66:                         }
TestTerraformConfluentPlatformExample 2022-08-01T19:16:32Z logger.go:66:                       + seccompProfile           = {
TestTerraformConfluentPlatformExample 2022-08-01T19:16:32Z logger.go:66:                           + localhostProfile = (known after apply)
TestTerraformConfluentPlatformExample 2022-08-01T19:16:32Z logger.go:66:                           + type             = (known after apply)
TestTerraformConfluentPlatformExample 2022-08-01T19:16:32Z logger.go:66:                         }
TestTerraformConfluentPlatformExample 2022-08-01T19:16:32Z logger.go:66:                       + windowsOptions           = {
TestTerraformConfluentPlatformExample 2022-08-01T19:16:32Z logger.go:66:                           + gmsaCredentialSpec     = (known after apply)
TestTerraformConfluentPlatformExample 2022-08-01T19:16:32Z logger.go:66:                           + gmsaCredentialSpecName = (known after apply)
TestTerraformConfluentPlatformExample 2022-08-01T19:16:32Z logger.go:66:                           + hostProcess            = (known after apply)
TestTerraformConfluentPlatformExample 2022-08-01T19:16:32Z logger.go:66:                           + runAsUserName          = (known after apply)
TestTerraformConfluentPlatformExample 2022-08-01T19:16:32Z logger.go:66:                         }
TestTerraformConfluentPlatformExample 2022-08-01T19:16:32Z logger.go:66:                     }
TestTerraformConfluentPlatformExample 2022-08-01T19:16:32Z logger.go:66:                   + serviceAccountName            = (known after apply)
TestTerraformConfluentPlatformExample 2022-08-01T19:16:32Z logger.go:66:                   + terminationGracePeriodSeconds = (known after apply)
TestTerraformConfluentPlatformExample 2022-08-01T19:16:32Z logger.go:66:                   + tolerations                   = (known after apply)
TestTerraformConfluentPlatformExample 2022-08-01T19:16:32Z logger.go:66:                   + topologySpreadConstraints     = (known after apply)
TestTerraformConfluentPlatformExample 2022-08-01T19:16:32Z logger.go:66:                 }
TestTerraformConfluentPlatformExample 2022-08-01T19:16:32Z logger.go:66:               + replicas                       = 1
TestTerraformConfluentPlatformExample 2022-08-01T19:16:32Z logger.go:66:               + telemetry                      = {
TestTerraformConfluentPlatformExample 2022-08-01T19:16:32Z logger.go:66:                   + global = (known after apply)
TestTerraformConfluentPlatformExample 2022-08-01T19:16:32Z logger.go:66:                 }
TestTerraformConfluentPlatformExample 2022-08-01T19:16:32Z logger.go:66:               + tls                            = {
TestTerraformConfluentPlatformExample 2022-08-01T19:16:32Z logger.go:66:                   + autoGeneratedCerts       = (known after apply)
TestTerraformConfluentPlatformExample 2022-08-01T19:16:32Z logger.go:66:                   + directoryPathInContainer = (known after apply)
TestTerraformConfluentPlatformExample 2022-08-01T19:16:32Z logger.go:66:                   + ignoreTrustStoreConfig   = (known after apply)
TestTerraformConfluentPlatformExample 2022-08-01T19:16:32Z logger.go:66:                   + jksPassword              = {
TestTerraformConfluentPlatformExample 2022-08-01T19:16:32Z logger.go:66:                       + secretRef = (known after apply)
TestTerraformConfluentPlatformExample 2022-08-01T19:16:32Z logger.go:66:                     }
TestTerraformConfluentPlatformExample 2022-08-01T19:16:32Z logger.go:66:                   + secretRef                = (known after apply)
TestTerraformConfluentPlatformExample 2022-08-01T19:16:32Z logger.go:66:                 }
TestTerraformConfluentPlatformExample 2022-08-01T19:16:32Z logger.go:66:               + valueConverterType             = (known after apply)
TestTerraformConfluentPlatformExample 2022-08-01T19:16:32Z logger.go:66:             }
TestTerraformConfluentPlatformExample 2022-08-01T19:16:32Z logger.go:66:         }
TestTerraformConfluentPlatformExample 2022-08-01T19:16:32Z logger.go:66:
TestTerraformConfluentPlatformExample 2022-08-01T19:16:32Z logger.go:66:       + timeouts {
TestTerraformConfluentPlatformExample 2022-08-01T19:16:32Z logger.go:66:           + create = "1h"
TestTerraformConfluentPlatformExample 2022-08-01T19:16:32Z logger.go:66:           + delete = "10m"
TestTerraformConfluentPlatformExample 2022-08-01T19:16:32Z logger.go:66:           + update = "1h"
TestTerraformConfluentPlatformExample 2022-08-01T19:16:32Z logger.go:66:         }
TestTerraformConfluentPlatformExample 2022-08-01T19:16:32Z logger.go:66:
TestTerraformConfluentPlatformExample 2022-08-01T19:16:32Z logger.go:66:       + wait {
TestTerraformConfluentPlatformExample 2022-08-01T19:16:32Z logger.go:66:           + fields = {
TestTerraformConfluentPlatformExample 2022-08-01T19:16:32Z logger.go:66:               + "status.phase" = "RUNNING"
TestTerraformConfluentPlatformExample 2022-08-01T19:16:32Z logger.go:66:             }
TestTerraformConfluentPlatformExample 2022-08-01T19:16:32Z logger.go:66:         }
TestTerraformConfluentPlatformExample 2022-08-01T19:16:32Z logger.go:66:     }
TestTerraformConfluentPlatformExample 2022-08-01T19:16:32Z logger.go:66:
TestTerraformConfluentPlatformExample 2022-08-01T19:16:32Z logger.go:66:   # module.confluent_platform.kubernetes_manifest.components["controlcenter"] will be created
TestTerraformConfluentPlatformExample 2022-08-01T19:16:32Z logger.go:66:   + resource "kubernetes_manifest" "components" {
TestTerraformConfluentPlatformExample 2022-08-01T19:16:32Z logger.go:66:       + computed_fields = [
TestTerraformConfluentPlatformExample 2022-08-01T19:16:32Z logger.go:66:           + "metadata.finalizers",
TestTerraformConfluentPlatformExample 2022-08-01T19:16:32Z logger.go:66:         ]
TestTerraformConfluentPlatformExample 2022-08-01T19:16:32Z logger.go:66:       + manifest        = {
TestTerraformConfluentPlatformExample 2022-08-01T19:16:32Z logger.go:66:           + apiVersion = "platform.confluent.io/v1beta1"
TestTerraformConfluentPlatformExample 2022-08-01T19:16:32Z logger.go:66:           + kind       = "ControlCenter"
TestTerraformConfluentPlatformExample 2022-08-01T19:16:32Z logger.go:66:           + metadata   = {
TestTerraformConfluentPlatformExample 2022-08-01T19:16:32Z logger.go:66:               + name      = "controlcenter"
TestTerraformConfluentPlatformExample 2022-08-01T19:16:32Z logger.go:66:               + namespace = "confluent"
TestTerraformConfluentPlatformExample 2022-08-01T19:16:32Z logger.go:66:             }
TestTerraformConfluentPlatformExample 2022-08-01T19:16:32Z logger.go:66:           + spec       = {
TestTerraformConfluentPlatformExample 2022-08-01T19:16:32Z logger.go:66:               + dataVolumeCapacity = "10Gi"
TestTerraformConfluentPlatformExample 2022-08-01T19:16:32Z logger.go:66:               + dependencies       = {
TestTerraformConfluentPlatformExample 2022-08-01T19:16:32Z logger.go:66:                   + connect        = [
TestTerraformConfluentPlatformExample 2022-08-01T19:16:32Z logger.go:66:                       + {
TestTerraformConfluentPlatformExample 2022-08-01T19:16:32Z logger.go:66:                           + name = "connect"
TestTerraformConfluentPlatformExample 2022-08-01T19:16:32Z logger.go:66:                           + url  = "http://connect.confluent.svc.cluster.local:8083"
TestTerraformConfluentPlatformExample 2022-08-01T19:16:32Z logger.go:66:                         },
TestTerraformConfluentPlatformExample 2022-08-01T19:16:32Z logger.go:66:                     ]
TestTerraformConfluentPlatformExample 2022-08-01T19:16:32Z logger.go:66:                   + ksqldb         = [
TestTerraformConfluentPlatformExample 2022-08-01T19:16:32Z logger.go:66:                       + {
TestTerraformConfluentPlatformExample 2022-08-01T19:16:32Z logger.go:66:                           + name = "ksqldb"
TestTerraformConfluentPlatformExample 2022-08-01T19:16:32Z logger.go:66:                           + url  = "http://ksqldb.confluent.svc.cluster.local:8088"
TestTerraformConfluentPlatformExample 2022-08-01T19:16:32Z logger.go:66:                         },
TestTerraformConfluentPlatformExample 2022-08-01T19:16:32Z logger.go:66:                     ]
TestTerraformConfluentPlatformExample 2022-08-01T19:16:32Z logger.go:66:                   + schemaRegistry = {
TestTerraformConfluentPlatformExample 2022-08-01T19:16:32Z logger.go:66:                       + url = "http://schemaregistry.confluent.svc.cluster.local:8081"
TestTerraformConfluentPlatformExample 2022-08-01T19:16:32Z logger.go:66:                     }
TestTerraformConfluentPlatformExample 2022-08-01T19:16:32Z logger.go:66:                 }
TestTerraformConfluentPlatformExample 2022-08-01T19:16:32Z logger.go:66:               + image              = {
TestTerraformConfluentPlatformExample 2022-08-01T19:16:32Z logger.go:66:                   + application = "confluentinc/cp-enterprise-control-center:7.2.0"
TestTerraformConfluentPlatformExample 2022-08-01T19:16:32Z logger.go:66:                   + init        = "confluentinc/confluent-init-container:2.4.0"
TestTerraformConfluentPlatformExample 2022-08-01T19:16:32Z logger.go:66:                 }
TestTerraformConfluentPlatformExample 2022-08-01T19:16:32Z logger.go:66:               + replicas           = 1
TestTerraformConfluentPlatformExample 2022-08-01T19:16:32Z logger.go:66:             }
TestTerraformConfluentPlatformExample 2022-08-01T19:16:32Z logger.go:66:         }
TestTerraformConfluentPlatformExample 2022-08-01T19:16:32Z logger.go:66:       + object          = {
TestTerraformConfluentPlatformExample 2022-08-01T19:16:32Z logger.go:66:           + apiVersion = "platform.confluent.io/v1beta1"
TestTerraformConfluentPlatformExample 2022-08-01T19:16:32Z logger.go:66:           + kind       = "ControlCenter"
TestTerraformConfluentPlatformExample 2022-08-01T19:16:32Z logger.go:66:           + metadata   = {
TestTerraformConfluentPlatformExample 2022-08-01T19:16:32Z logger.go:66:               + annotations                = (known after apply)
TestTerraformConfluentPlatformExample 2022-08-01T19:16:32Z logger.go:66:               + clusterName                = (known after apply)
TestTerraformConfluentPlatformExample 2022-08-01T19:16:32Z logger.go:66:               + creationTimestamp          = (known after apply)
TestTerraformConfluentPlatformExample 2022-08-01T19:16:32Z logger.go:66:               + deletionGracePeriodSeconds = (known after apply)
TestTerraformConfluentPlatformExample 2022-08-01T19:16:32Z logger.go:66:               + deletionTimestamp          = (known after apply)
TestTerraformConfluentPlatformExample 2022-08-01T19:16:32Z logger.go:66:               + finalizers                 = (known after apply)
TestTerraformConfluentPlatformExample 2022-08-01T19:16:32Z logger.go:66:               + generateName               = (known after apply)
TestTerraformConfluentPlatformExample 2022-08-01T19:16:32Z logger.go:66:               + generation                 = (known after apply)
TestTerraformConfluentPlatformExample 2022-08-01T19:16:32Z logger.go:66:               + labels                     = (known after apply)
TestTerraformConfluentPlatformExample 2022-08-01T19:16:32Z logger.go:66:               + managedFields              = (known after apply)
TestTerraformConfluentPlatformExample 2022-08-01T19:16:32Z logger.go:66:               + name                       = "controlcenter"
TestTerraformConfluentPlatformExample 2022-08-01T19:16:32Z logger.go:66:               + namespace                  = "confluent"
TestTerraformConfluentPlatformExample 2022-08-01T19:16:32Z logger.go:66:               + ownerReferences            = (known after apply)
TestTerraformConfluentPlatformExample 2022-08-01T19:16:32Z logger.go:66:               + resourceVersion            = (known after apply)
TestTerraformConfluentPlatformExample 2022-08-01T19:16:32Z logger.go:66:               + selfLink                   = (known after apply)
TestTerraformConfluentPlatformExample 2022-08-01T19:16:32Z logger.go:66:               + uid                        = (known after apply)
TestTerraformConfluentPlatformExample 2022-08-01T19:16:32Z logger.go:66:             }
TestTerraformConfluentPlatformExample 2022-08-01T19:16:32Z logger.go:66:           + spec       = {
TestTerraformConfluentPlatformExample 2022-08-01T19:16:32Z logger.go:66:               + authentication                = {
TestTerraformConfluentPlatformExample 2022-08-01T19:16:32Z logger.go:66:                   + basic = {
TestTerraformConfluentPlatformExample 2022-08-01T19:16:32Z logger.go:66:                       + debug                    = (known after apply)
TestTerraformConfluentPlatformExample 2022-08-01T19:16:32Z logger.go:66:                       + directoryPathInContainer = (known after apply)
TestTerraformConfluentPlatformExample 2022-08-01T19:16:32Z logger.go:66:                       + restrictedRoles          = (known after apply)
TestTerraformConfluentPlatformExample 2022-08-01T19:16:32Z logger.go:66:                       + roles                    = (known after apply)
TestTerraformConfluentPlatformExample 2022-08-01T19:16:32Z logger.go:66:                       + secretRef                = (known after apply)
TestTerraformConfluentPlatformExample 2022-08-01T19:16:32Z logger.go:66:                     }
TestTerraformConfluentPlatformExample 2022-08-01T19:16:32Z logger.go:66:                   + ldap  = {
TestTerraformConfluentPlatformExample 2022-08-01T19:16:32Z logger.go:66:                       + debug           = (known after apply)
TestTerraformConfluentPlatformExample 2022-08-01T19:16:32Z logger.go:66:                       + property        = (known after apply)
TestTerraformConfluentPlatformExample 2022-08-01T19:16:32Z logger.go:66:                       + restrictedRoles = (known after apply)
TestTerraformConfluentPlatformExample 2022-08-01T19:16:32Z logger.go:66:                       + roles           = (known after apply)
TestTerraformConfluentPlatformExample 2022-08-01T19:16:32Z logger.go:66:                       + secretRef       = (known after apply)
TestTerraformConfluentPlatformExample 2022-08-01T19:16:32Z logger.go:66:                     }
TestTerraformConfluentPlatformExample 2022-08-01T19:16:32Z logger.go:66:                   + type  = (known after apply)
TestTerraformConfluentPlatformExample 2022-08-01T19:16:32Z logger.go:66:                 }
TestTerraformConfluentPlatformExample 2022-08-01T19:16:32Z logger.go:66:               + authorization                 = {
TestTerraformConfluentPlatformExample 2022-08-01T19:16:32Z logger.go:66:                   + kafkaRestClassRef = {
TestTerraformConfluentPlatformExample 2022-08-01T19:16:32Z logger.go:66:                       + name      = (known after apply)
TestTerraformConfluentPlatformExample 2022-08-01T19:16:32Z logger.go:66:                       + namespace = (known after apply)
TestTerraformConfluentPlatformExample 2022-08-01T19:16:32Z logger.go:66:                     }
TestTerraformConfluentPlatformExample 2022-08-01T19:16:32Z logger.go:66:                   + type              = (known after apply)
TestTerraformConfluentPlatformExample 2022-08-01T19:16:32Z logger.go:66:                 }
TestTerraformConfluentPlatformExample 2022-08-01T19:16:32Z logger.go:66:               + configOverrides               = {
TestTerraformConfluentPlatformExample 2022-08-01T19:16:32Z logger.go:66:                   + jvm    = (known after apply)
TestTerraformConfluentPlatformExample 2022-08-01T19:16:32Z logger.go:66:                   + log4j  = (known after apply)
TestTerraformConfluentPlatformExample 2022-08-01T19:16:32Z logger.go:66:                   + server = (known after apply)
TestTerraformConfluentPlatformExample 2022-08-01T19:16:32Z logger.go:66:                 }
TestTerraformConfluentPlatformExample 2022-08-01T19:16:32Z logger.go:66:               + dataVolumeCapacity            = "10Gi"
TestTerraformConfluentPlatformExample 2022-08-01T19:16:32Z logger.go:66:               + dependencies                  = {
TestTerraformConfluentPlatformExample 2022-08-01T19:16:32Z logger.go:66:                   + connect        = [
TestTerraformConfluentPlatformExample 2022-08-01T19:16:32Z logger.go:66:                       + {
TestTerraformConfluentPlatformExample 2022-08-01T19:16:32Z logger.go:66:                           + authentication = {
TestTerraformConfluentPlatformExample 2022-08-01T19:16:32Z logger.go:66:                               + basic = {
TestTerraformConfluentPlatformExample 2022-08-01T19:16:32Z logger.go:66:                                   + debug                    = (known after apply)
TestTerraformConfluentPlatformExample 2022-08-01T19:16:32Z logger.go:66:                                   + directoryPathInContainer = (known after apply)
TestTerraformConfluentPlatformExample 2022-08-01T19:16:32Z logger.go:66:                                   + restrictedRoles          = (known after apply)
TestTerraformConfluentPlatformExample 2022-08-01T19:16:32Z logger.go:66:                                   + roles                    = (known after apply)
TestTerraformConfluentPlatformExample 2022-08-01T19:16:32Z logger.go:66:                                   + secretRef                = (known after apply)
TestTerraformConfluentPlatformExample 2022-08-01T19:16:32Z logger.go:66:                                 }
TestTerraformConfluentPlatformExample 2022-08-01T19:16:32Z logger.go:66:                               + type  = (known after apply)
TestTerraformConfluentPlatformExample 2022-08-01T19:16:32Z logger.go:66:                             }
TestTerraformConfluentPlatformExample 2022-08-01T19:16:32Z logger.go:66:                           + name           = "connect"
TestTerraformConfluentPlatformExample 2022-08-01T19:16:32Z logger.go:66:                           + tls            = {
TestTerraformConfluentPlatformExample 2022-08-01T19:16:32Z logger.go:66:                               + directoryPathInContainer = (known after apply)
TestTerraformConfluentPlatformExample 2022-08-01T19:16:32Z logger.go:66:                               + enabled                  = (known after apply)
TestTerraformConfluentPlatformExample 2022-08-01T19:16:32Z logger.go:66:                               + ignoreTrustStoreConfig   = (known after apply)
TestTerraformConfluentPlatformExample 2022-08-01T19:16:32Z logger.go:66:                               + jksPassword              = {
TestTerraformConfluentPlatformExample 2022-08-01T19:16:32Z logger.go:66:                                   + secretRef = (known after apply)
TestTerraformConfluentPlatformExample 2022-08-01T19:16:32Z logger.go:66:                                 }
TestTerraformConfluentPlatformExample 2022-08-01T19:16:32Z logger.go:66:                               + secretRef                = (known after apply)
TestTerraformConfluentPlatformExample 2022-08-01T19:16:32Z logger.go:66:                             }
TestTerraformConfluentPlatformExample 2022-08-01T19:16:32Z logger.go:66:                           + url            = "http://connect.confluent.svc.cluster.local:8083"
TestTerraformConfluentPlatformExample 2022-08-01T19:16:32Z logger.go:66:                         },
TestTerraformConfluentPlatformExample 2022-08-01T19:16:32Z logger.go:66:                     ]
TestTerraformConfluentPlatformExample 2022-08-01T19:16:32Z logger.go:66:                   + kafka          = {
TestTerraformConfluentPlatformExample 2022-08-01T19:16:32Z logger.go:66:                       + authentication    = {
TestTerraformConfluentPlatformExample 2022-08-01T19:16:32Z logger.go:66:                           + jaasConfig            = {
TestTerraformConfluentPlatformExample 2022-08-01T19:16:32Z logger.go:66:                               + secretRef = (known after apply)
TestTerraformConfluentPlatformExample 2022-08-01T19:16:32Z logger.go:66:                             }
TestTerraformConfluentPlatformExample 2022-08-01T19:16:32Z logger.go:66:                           + jaasConfigPassThrough = {
TestTerraformConfluentPlatformExample 2022-08-01T19:16:32Z logger.go:66:                               + directoryPathInContainer = (known after apply)
TestTerraformConfluentPlatformExample 2022-08-01T19:16:32Z logger.go:66:                               + secretRef                = (known after apply)
TestTerraformConfluentPlatformExample 2022-08-01T19:16:32Z logger.go:66:                             }
TestTerraformConfluentPlatformExample 2022-08-01T19:16:32Z logger.go:66:                           + oauthbearer           = {
TestTerraformConfluentPlatformExample 2022-08-01T19:16:32Z logger.go:66:                               + directoryPathInContainer = (known after apply)
TestTerraformConfluentPlatformExample 2022-08-01T19:16:32Z logger.go:66:                               + secretRef                = (known after apply)
TestTerraformConfluentPlatformExample 2022-08-01T19:16:32Z logger.go:66:                             }
TestTerraformConfluentPlatformExample 2022-08-01T19:16:32Z logger.go:66:                           + type                  = (known after apply)
TestTerraformConfluentPlatformExample 2022-08-01T19:16:32Z logger.go:66:                         }
TestTerraformConfluentPlatformExample 2022-08-01T19:16:32Z logger.go:66:                       + bootstrapEndpoint = (known after apply)
TestTerraformConfluentPlatformExample 2022-08-01T19:16:32Z logger.go:66:                       + discovery         = {
TestTerraformConfluentPlatformExample 2022-08-01T19:16:32Z logger.go:66:                           + name      = (known after apply)
TestTerraformConfluentPlatformExample 2022-08-01T19:16:32Z logger.go:66:                           + namespace = (known after apply)
TestTerraformConfluentPlatformExample 2022-08-01T19:16:32Z logger.go:66:                           + secretRef = (known after apply)
TestTerraformConfluentPlatformExample 2022-08-01T19:16:32Z logger.go:66:                         }
TestTerraformConfluentPlatformExample 2022-08-01T19:16:32Z logger.go:66:                       + tls               = {
TestTerraformConfluentPlatformExample 2022-08-01T19:16:32Z logger.go:66:                           + directoryPathInContainer = (known after apply)
TestTerraformConfluentPlatformExample 2022-08-01T19:16:32Z logger.go:66:                           + enabled                  = (known after apply)
TestTerraformConfluentPlatformExample 2022-08-01T19:16:32Z logger.go:66:                           + ignoreTrustStoreConfig   = (known after apply)
TestTerraformConfluentPlatformExample 2022-08-01T19:16:32Z logger.go:66:                           + jksPassword              = {
TestTerraformConfluentPlatformExample 2022-08-01T19:16:32Z logger.go:66:                               + secretRef = (known after apply)
TestTerraformConfluentPlatformExample 2022-08-01T19:16:32Z logger.go:66:                             }
TestTerraformConfluentPlatformExample 2022-08-01T19:16:32Z logger.go:66:                           + secretRef                = (known after apply)
TestTerraformConfluentPlatformExample 2022-08-01T19:16:32Z logger.go:66:                         }
TestTerraformConfluentPlatformExample 2022-08-01T19:16:32Z logger.go:66:                     }
TestTerraformConfluentPlatformExample 2022-08-01T19:16:32Z logger.go:66:                   + ksqldb         = [
TestTerraformConfluentPlatformExample 2022-08-01T19:16:32Z logger.go:66:                       + {
TestTerraformConfluentPlatformExample 2022-08-01T19:16:32Z logger.go:66:                           + advertisedUrl  = (known after apply)
TestTerraformConfluentPlatformExample 2022-08-01T19:16:32Z logger.go:66:                           + authentication = {
TestTerraformConfluentPlatformExample 2022-08-01T19:16:32Z logger.go:66:                               + basic = {
TestTerraformConfluentPlatformExample 2022-08-01T19:16:32Z logger.go:66:                                   + debug                    = (known after apply)
TestTerraformConfluentPlatformExample 2022-08-01T19:16:32Z logger.go:66:                                   + directoryPathInContainer = (known after apply)
TestTerraformConfluentPlatformExample 2022-08-01T19:16:32Z logger.go:66:                                   + restrictedRoles          = (known after apply)
TestTerraformConfluentPlatformExample 2022-08-01T19:16:32Z logger.go:66:                                   + roles                    = (known after apply)
TestTerraformConfluentPlatformExample 2022-08-01T19:16:32Z logger.go:66:                                   + secretRef                = (known after apply)
TestTerraformConfluentPlatformExample 2022-08-01T19:16:32Z logger.go:66:                                 }
TestTerraformConfluentPlatformExample 2022-08-01T19:16:32Z logger.go:66:                               + type  = (known after apply)
TestTerraformConfluentPlatformExample 2022-08-01T19:16:32Z logger.go:66:                             }
TestTerraformConfluentPlatformExample 2022-08-01T19:16:32Z logger.go:66:                           + name           = "ksqldb"
TestTerraformConfluentPlatformExample 2022-08-01T19:16:32Z logger.go:66:                           + tls            = {
TestTerraformConfluentPlatformExample 2022-08-01T19:16:32Z logger.go:66:                               + directoryPathInContainer = (known after apply)
TestTerraformConfluentPlatformExample 2022-08-01T19:16:32Z logger.go:66:                               + enabled                  = (known after apply)
TestTerraformConfluentPlatformExample 2022-08-01T19:16:32Z logger.go:66:                               + ignoreTrustStoreConfig   = (known after apply)
TestTerraformConfluentPlatformExample 2022-08-01T19:16:32Z logger.go:66:                               + jksPassword              = {
TestTerraformConfluentPlatformExample 2022-08-01T19:16:32Z logger.go:66:                                   + secretRef = (known after apply)
TestTerraformConfluentPlatformExample 2022-08-01T19:16:32Z logger.go:66:                                 }
TestTerraformConfluentPlatformExample 2022-08-01T19:16:32Z logger.go:66:                               + secretRef                = (known after apply)
TestTerraformConfluentPlatformExample 2022-08-01T19:16:32Z logger.go:66:                             }
TestTerraformConfluentPlatformExample 2022-08-01T19:16:32Z logger.go:66:                           + url            = "http://ksqldb.confluent.svc.cluster.local:8088"
TestTerraformConfluentPlatformExample 2022-08-01T19:16:32Z logger.go:66:                         },
TestTerraformConfluentPlatformExample 2022-08-01T19:16:32Z logger.go:66:                     ]
TestTerraformConfluentPlatformExample 2022-08-01T19:16:32Z logger.go:66:                   + mds            = {
TestTerraformConfluentPlatformExample 2022-08-01T19:16:32Z logger.go:66:                       + authentication = {
TestTerraformConfluentPlatformExample 2022-08-01T19:16:32Z logger.go:66:                           + bearer = {
TestTerraformConfluentPlatformExample 2022-08-01T19:16:32Z logger.go:66:                               + directoryPathInContainer = (known after apply)
TestTerraformConfluentPlatformExample 2022-08-01T19:16:32Z logger.go:66:                               + secretRef                = (known after apply)
TestTerraformConfluentPlatformExample 2022-08-01T19:16:32Z logger.go:66:                             }
TestTerraformConfluentPlatformExample 2022-08-01T19:16:32Z logger.go:66:                           + type   = (known after apply)
TestTerraformConfluentPlatformExample 2022-08-01T19:16:32Z logger.go:66:                         }
TestTerraformConfluentPlatformExample 2022-08-01T19:16:32Z logger.go:66:                       + endpoint       = (known after apply)
TestTerraformConfluentPlatformExample 2022-08-01T19:16:32Z logger.go:66:                       + tls            = {
TestTerraformConfluentPlatformExample 2022-08-01T19:16:32Z logger.go:66:                           + directoryPathInContainer = (known after apply)
TestTerraformConfluentPlatformExample 2022-08-01T19:16:32Z logger.go:66:                           + enabled                  = (known after apply)
TestTerraformConfluentPlatformExample 2022-08-01T19:16:32Z logger.go:66:                           + ignoreTrustStoreConfig   = (known after apply)
TestTerraformConfluentPlatformExample 2022-08-01T19:16:32Z logger.go:66:                           + jksPassword              = {
TestTerraformConfluentPlatformExample 2022-08-01T19:16:32Z logger.go:66:                               + secretRef = (known after apply)
TestTerraformConfluentPlatformExample 2022-08-01T19:16:32Z logger.go:66:                             }
TestTerraformConfluentPlatformExample 2022-08-01T19:16:32Z logger.go:66:                           + secretRef                = (known after apply)
TestTerraformConfluentPlatformExample 2022-08-01T19:16:32Z logger.go:66:                         }
TestTerraformConfluentPlatformExample 2022-08-01T19:16:32Z logger.go:66:                       + tokenKeyPair   = {
TestTerraformConfluentPlatformExample 2022-08-01T19:16:32Z logger.go:66:                           + directoryPathInContainer = (known after apply)
TestTerraformConfluentPlatformExample 2022-08-01T19:16:32Z logger.go:66:                           + secretRef                = (known after apply)
TestTerraformConfluentPlatformExample 2022-08-01T19:16:32Z logger.go:66:                         }
TestTerraformConfluentPlatformExample 2022-08-01T19:16:32Z logger.go:66:                     }
TestTerraformConfluentPlatformExample 2022-08-01T19:16:32Z logger.go:66:                   + schemaRegistry = {
TestTerraformConfluentPlatformExample 2022-08-01T19:16:32Z logger.go:66:                       + authentication = {
TestTerraformConfluentPlatformExample 2022-08-01T19:16:32Z logger.go:66:                           + basic = {
TestTerraformConfluentPlatformExample 2022-08-01T19:16:32Z logger.go:66:                               + debug                    = (known after apply)
TestTerraformConfluentPlatformExample 2022-08-01T19:16:32Z logger.go:66:                               + directoryPathInContainer = (known after apply)
TestTerraformConfluentPlatformExample 2022-08-01T19:16:32Z logger.go:66:                               + restrictedRoles          = (known after apply)
TestTerraformConfluentPlatformExample 2022-08-01T19:16:32Z logger.go:66:                               + roles                    = (known after apply)
TestTerraformConfluentPlatformExample 2022-08-01T19:16:32Z logger.go:66:                               + secretRef                = (known after apply)
TestTerraformConfluentPlatformExample 2022-08-01T19:16:32Z logger.go:66:                             }
TestTerraformConfluentPlatformExample 2022-08-01T19:16:32Z logger.go:66:                           + type  = (known after apply)
TestTerraformConfluentPlatformExample 2022-08-01T19:16:32Z logger.go:66:                         }
TestTerraformConfluentPlatformExample 2022-08-01T19:16:32Z logger.go:66:                       + clusters       = (known after apply)
TestTerraformConfluentPlatformExample 2022-08-01T19:16:32Z logger.go:66:                       + tls            = {
TestTerraformConfluentPlatformExample 2022-08-01T19:16:32Z logger.go:66:                           + directoryPathInContainer = (known after apply)
TestTerraformConfluentPlatformExample 2022-08-01T19:16:32Z logger.go:66:                           + enabled                  = (known after apply)
TestTerraformConfluentPlatformExample 2022-08-01T19:16:32Z logger.go:66:                           + ignoreTrustStoreConfig   = (known after apply)
TestTerraformConfluentPlatformExample 2022-08-01T19:16:32Z logger.go:66:                           + jksPassword              = {
TestTerraformConfluentPlatformExample 2022-08-01T19:16:32Z logger.go:66:                               + secretRef = (known after apply)
TestTerraformConfluentPlatformExample 2022-08-01T19:16:32Z logger.go:66:                             }
TestTerraformConfluentPlatformExample 2022-08-01T19:16:32Z logger.go:66:                           + secretRef                = (known after apply)
TestTerraformConfluentPlatformExample 2022-08-01T19:16:32Z logger.go:66:                         }
TestTerraformConfluentPlatformExample 2022-08-01T19:16:32Z logger.go:66:                       + url            = "http://schemaregistry.confluent.svc.cluster.local:8081"
TestTerraformConfluentPlatformExample 2022-08-01T19:16:32Z logger.go:66:                     }
TestTerraformConfluentPlatformExample 2022-08-01T19:16:32Z logger.go:66:                 }
TestTerraformConfluentPlatformExample 2022-08-01T19:16:32Z logger.go:66:               + externalAccess                = {
TestTerraformConfluentPlatformExample 2022-08-01T19:16:32Z logger.go:66:                   + loadBalancer = {
TestTerraformConfluentPlatformExample 2022-08-01T19:16:32Z logger.go:66:                       + advertisedURL            = {
TestTerraformConfluentPlatformExample 2022-08-01T19:16:32Z logger.go:66:                           + enabled = (known after apply)
TestTerraformConfluentPlatformExample 2022-08-01T19:16:32Z logger.go:66:                           + prefix  = (known after apply)
TestTerraformConfluentPlatformExample 2022-08-01T19:16:32Z logger.go:66:                         }
TestTerraformConfluentPlatformExample 2022-08-01T19:16:32Z logger.go:66:                       + annotations              = (known after apply)
TestTerraformConfluentPlatformExample 2022-08-01T19:16:32Z logger.go:66:                       + domain                   = (known after apply)
TestTerraformConfluentPlatformExample 2022-08-01T19:16:32Z logger.go:66:                       + externalTrafficPolicy    = (known after apply)
TestTerraformConfluentPlatformExample 2022-08-01T19:16:32Z logger.go:66:                       + labels                   = (known after apply)
TestTerraformConfluentPlatformExample 2022-08-01T19:16:32Z logger.go:66:                       + loadBalancerSourceRanges = (known after apply)
TestTerraformConfluentPlatformExample 2022-08-01T19:16:32Z logger.go:66:                       + port                     = (known after apply)
TestTerraformConfluentPlatformExample 2022-08-01T19:16:32Z logger.go:66:                       + prefix                   = (known after apply)
TestTerraformConfluentPlatformExample 2022-08-01T19:16:32Z logger.go:66:                       + servicePorts             = (known after apply)
TestTerraformConfluentPlatformExample 2022-08-01T19:16:32Z logger.go:66:                       + sessionAffinity          = (known after apply)
TestTerraformConfluentPlatformExample 2022-08-01T19:16:32Z logger.go:66:                       + sessionAffinityConfig    = {
TestTerraformConfluentPlatformExample 2022-08-01T19:16:32Z logger.go:66:                           + clientIP = {
TestTerraformConfluentPlatformExample 2022-08-01T19:16:32Z logger.go:66:                               + timeoutSeconds = (known after apply)
TestTerraformConfluentPlatformExample 2022-08-01T19:16:32Z logger.go:66:                             }
TestTerraformConfluentPlatformExample 2022-08-01T19:16:32Z logger.go:66:                         }
TestTerraformConfluentPlatformExample 2022-08-01T19:16:32Z logger.go:66:                     }
TestTerraformConfluentPlatformExample 2022-08-01T19:16:32Z logger.go:66:                   + nodePort     = {
TestTerraformConfluentPlatformExample 2022-08-01T19:16:32Z logger.go:66:                       + advertisedURL         = {
TestTerraformConfluentPlatformExample 2022-08-01T19:16:32Z logger.go:66:                           + enabled = (known after apply)
TestTerraformConfluentPlatformExample 2022-08-01T19:16:32Z logger.go:66:                           + prefix  = (known after apply)
TestTerraformConfluentPlatformExample 2022-08-01T19:16:32Z logger.go:66:                         }
TestTerraformConfluentPlatformExample 2022-08-01T19:16:32Z logger.go:66:                       + annotations           = (known after apply)
TestTerraformConfluentPlatformExample 2022-08-01T19:16:32Z logger.go:66:                       + externalTrafficPolicy = (known after apply)
TestTerraformConfluentPlatformExample 2022-08-01T19:16:32Z logger.go:66:                       + host                  = (known after apply)
TestTerraformConfluentPlatformExample 2022-08-01T19:16:32Z logger.go:66:                       + labels                = (known after apply)
TestTerraformConfluentPlatformExample 2022-08-01T19:16:32Z logger.go:66:                       + nodePortOffset        = (known after apply)
TestTerraformConfluentPlatformExample 2022-08-01T19:16:32Z logger.go:66:                       + servicePorts          = (known after apply)
TestTerraformConfluentPlatformExample 2022-08-01T19:16:32Z logger.go:66:                       + sessionAffinity       = (known after apply)
TestTerraformConfluentPlatformExample 2022-08-01T19:16:32Z logger.go:66:                       + sessionAffinityConfig = {
TestTerraformConfluentPlatformExample 2022-08-01T19:16:32Z logger.go:66:                           + clientIP = {
TestTerraformConfluentPlatformExample 2022-08-01T19:16:32Z logger.go:66:                               + timeoutSeconds = (known after apply)
TestTerraformConfluentPlatformExample 2022-08-01T19:16:32Z logger.go:66:                             }
TestTerraformConfluentPlatformExample 2022-08-01T19:16:32Z logger.go:66:                         }
TestTerraformConfluentPlatformExample 2022-08-01T19:16:32Z logger.go:66:                     }
TestTerraformConfluentPlatformExample 2022-08-01T19:16:32Z logger.go:66:                   + route        = {
TestTerraformConfluentPlatformExample 2022-08-01T19:16:32Z logger.go:66:                       + annotations    = (known after apply)
TestTerraformConfluentPlatformExample 2022-08-01T19:16:32Z logger.go:66:                       + domain         = (known after apply)
TestTerraformConfluentPlatformExample 2022-08-01T19:16:32Z logger.go:66:                       + labels         = (known after apply)
TestTerraformConfluentPlatformExample 2022-08-01T19:16:32Z logger.go:66:                       + prefix         = (known after apply)
TestTerraformConfluentPlatformExample 2022-08-01T19:16:32Z logger.go:66:                       + wildcardPolicy = (known after apply)
TestTerraformConfluentPlatformExample 2022-08-01T19:16:32Z logger.go:66:                     }
TestTerraformConfluentPlatformExample 2022-08-01T19:16:32Z logger.go:66:                   + type         = (known after apply)
TestTerraformConfluentPlatformExample 2022-08-01T19:16:32Z logger.go:66:                 }
TestTerraformConfluentPlatformExample 2022-08-01T19:16:32Z logger.go:66:               + headlessService               = {
TestTerraformConfluentPlatformExample 2022-08-01T19:16:32Z logger.go:66:                   + annotations              = (known after apply)
TestTerraformConfluentPlatformExample 2022-08-01T19:16:32Z logger.go:66:                   + labels                   = (known after apply)
TestTerraformConfluentPlatformExample 2022-08-01T19:16:32Z logger.go:66:                   + publishNotReadyAddresses = (known after apply)
TestTerraformConfluentPlatformExample 2022-08-01T19:16:32Z logger.go:66:                 }
TestTerraformConfluentPlatformExample 2022-08-01T19:16:32Z logger.go:66:               + id                            = (known after apply)
TestTerraformConfluentPlatformExample 2022-08-01T19:16:32Z logger.go:66:               + image                         = {
TestTerraformConfluentPlatformExample 2022-08-01T19:16:32Z logger.go:66:                   + application   = "confluentinc/cp-enterprise-control-center:7.2.0"
TestTerraformConfluentPlatformExample 2022-08-01T19:16:32Z logger.go:66:                   + init          = "confluentinc/confluent-init-container:2.4.0"
TestTerraformConfluentPlatformExample 2022-08-01T19:16:32Z logger.go:66:                   + pullPolicy    = (known after apply)
TestTerraformConfluentPlatformExample 2022-08-01T19:16:32Z logger.go:66:                   + pullSecretRef = (known after apply)
TestTerraformConfluentPlatformExample 2022-08-01T19:16:32Z logger.go:66:                 }
TestTerraformConfluentPlatformExample 2022-08-01T19:16:32Z logger.go:66:               + injectAnnotations             = (known after apply)
TestTerraformConfluentPlatformExample 2022-08-01T19:16:32Z logger.go:66:               + injectLabels                  = (known after apply)
TestTerraformConfluentPlatformExample 2022-08-01T19:16:32Z logger.go:66:               + internalTopicReplicatorFactor = (known after apply)
TestTerraformConfluentPlatformExample 2022-08-01T19:16:32Z logger.go:66:               + k8sClusterDomain              = (known after apply)
TestTerraformConfluentPlatformExample 2022-08-01T19:16:32Z logger.go:66:               + license                       = {
TestTerraformConfluentPlatformExample 2022-08-01T19:16:32Z logger.go:66:                   + directoryPathInContainer = (known after apply)
TestTerraformConfluentPlatformExample 2022-08-01T19:16:32Z logger.go:66:                   + globalLicense            = (known after apply)
TestTerraformConfluentPlatformExample 2022-08-01T19:16:32Z logger.go:66:                   + secretRef                = (known after apply)
TestTerraformConfluentPlatformExample 2022-08-01T19:16:32Z logger.go:66:                 }
TestTerraformConfluentPlatformExample 2022-08-01T19:16:32Z logger.go:66:               + mail                          = {
TestTerraformConfluentPlatformExample 2022-08-01T19:16:32Z logger.go:66:                   + authentication      = {
TestTerraformConfluentPlatformExample 2022-08-01T19:16:32Z logger.go:66:                       + basic = {
TestTerraformConfluentPlatformExample 2022-08-01T19:16:32Z logger.go:66:                           + debug                    = (known after apply)
TestTerraformConfluentPlatformExample 2022-08-01T19:16:32Z logger.go:66:                           + directoryPathInContainer = (known after apply)
TestTerraformConfluentPlatformExample 2022-08-01T19:16:32Z logger.go:66:                           + restrictedRoles          = (known after apply)
TestTerraformConfluentPlatformExample 2022-08-01T19:16:32Z logger.go:66:                           + roles                    = (known after apply)
TestTerraformConfluentPlatformExample 2022-08-01T19:16:32Z logger.go:66:                           + secretRef                = (known after apply)
TestTerraformConfluentPlatformExample 2022-08-01T19:16:32Z logger.go:66:                         }
TestTerraformConfluentPlatformExample 2022-08-01T19:16:32Z logger.go:66:                       + type  = (known after apply)
TestTerraformConfluentPlatformExample 2022-08-01T19:16:32Z logger.go:66:                     }
TestTerraformConfluentPlatformExample 2022-08-01T19:16:32Z logger.go:66:                   + checkServerIdentity = (known after apply)
TestTerraformConfluentPlatformExample 2022-08-01T19:16:32Z logger.go:66:                   + hostname            = (known after apply)
TestTerraformConfluentPlatformExample 2022-08-01T19:16:32Z logger.go:66:                   + mailBounceAddress   = (known after apply)
TestTerraformConfluentPlatformExample 2022-08-01T19:16:32Z logger.go:66:                   + mailFrom            = (known after apply)
TestTerraformConfluentPlatformExample 2022-08-01T19:16:32Z logger.go:66:                   + port                = (known after apply)
TestTerraformConfluentPlatformExample 2022-08-01T19:16:32Z logger.go:66:                   + startTLSRequired    = (known after apply)
TestTerraformConfluentPlatformExample 2022-08-01T19:16:32Z logger.go:66:                 }
TestTerraformConfluentPlatformExample 2022-08-01T19:16:32Z logger.go:66:               + metrics                       = {
TestTerraformConfluentPlatformExample 2022-08-01T19:16:32Z logger.go:66:                   + authentication = {
TestTerraformConfluentPlatformExample 2022-08-01T19:16:32Z logger.go:66:                       + type = (known after apply)
TestTerraformConfluentPlatformExample 2022-08-01T19:16:32Z logger.go:66:                     }
TestTerraformConfluentPlatformExample 2022-08-01T19:16:32Z logger.go:66:                   + prometheus     = {
TestTerraformConfluentPlatformExample 2022-08-01T19:16:32Z logger.go:66:                       + blacklist = (known after apply)
TestTerraformConfluentPlatformExample 2022-08-01T19:16:32Z logger.go:66:                       + rules     = (known after apply)
TestTerraformConfluentPlatformExample 2022-08-01T19:16:32Z logger.go:66:                       + whitelist = (known after apply)
TestTerraformConfluentPlatformExample 2022-08-01T19:16:32Z logger.go:66:                     }
TestTerraformConfluentPlatformExample 2022-08-01T19:16:32Z logger.go:66:                   + tls            = {
TestTerraformConfluentPlatformExample 2022-08-01T19:16:32Z logger.go:66:                       + directoryPathInContainer = (known after apply)
TestTerraformConfluentPlatformExample 2022-08-01T19:16:32Z logger.go:66:                       + enabled                  = (known after apply)
TestTerraformConfluentPlatformExample 2022-08-01T19:16:32Z logger.go:66:                       + ignoreTrustStoreConfig   = (known after apply)
TestTerraformConfluentPlatformExample 2022-08-01T19:16:32Z logger.go:66:                       + jksPassword              = {
TestTerraformConfluentPlatformExample 2022-08-01T19:16:32Z logger.go:66:                           + secretRef = (known after apply)
TestTerraformConfluentPlatformExample 2022-08-01T19:16:32Z logger.go:66:                         }
TestTerraformConfluentPlatformExample 2022-08-01T19:16:32Z logger.go:66:                       + secretRef                = (known after apply)
TestTerraformConfluentPlatformExample 2022-08-01T19:16:32Z logger.go:66:                     }
TestTerraformConfluentPlatformExample 2022-08-01T19:16:32Z logger.go:66:                 }
TestTerraformConfluentPlatformExample 2022-08-01T19:16:32Z logger.go:66:               + monitoringKafkaClusters       = (known after apply)
TestTerraformConfluentPlatformExample 2022-08-01T19:16:32Z logger.go:66:               + mountedSecrets                = (known after apply)
TestTerraformConfluentPlatformExample 2022-08-01T19:16:32Z logger.go:66:               + mountedVolumes                = {
TestTerraformConfluentPlatformExample 2022-08-01T19:16:32Z logger.go:66:                   + volumeMounts = (known after apply)
TestTerraformConfluentPlatformExample 2022-08-01T19:16:32Z logger.go:66:                   + volumes      = (known after apply)
TestTerraformConfluentPlatformExample 2022-08-01T19:16:32Z logger.go:66:                 }
TestTerraformConfluentPlatformExample 2022-08-01T19:16:32Z logger.go:66:               + name                          = (known after apply)
TestTerraformConfluentPlatformExample 2022-08-01T19:16:32Z logger.go:66:               + oneReplicaPerNode             = (known after apply)
TestTerraformConfluentPlatformExample 2022-08-01T19:16:32Z logger.go:66:               + podTemplate                   = {
TestTerraformConfluentPlatformExample 2022-08-01T19:16:32Z logger.go:66:                   + affinity                      = {
TestTerraformConfluentPlatformExample 2022-08-01T19:16:32Z logger.go:66:                       + nodeAffinity    = {
TestTerraformConfluentPlatformExample 2022-08-01T19:16:32Z logger.go:66:                           + preferredDuringSchedulingIgnoredDuringExecution = (known after apply)
TestTerraformConfluentPlatformExample 2022-08-01T19:16:32Z logger.go:66:                           + requiredDuringSchedulingIgnoredDuringExecution  = {
TestTerraformConfluentPlatformExample 2022-08-01T19:16:32Z logger.go:66:                               + nodeSelectorTerms = (known after apply)
TestTerraformConfluentPlatformExample 2022-08-01T19:16:32Z logger.go:66:                             }
TestTerraformConfluentPlatformExample 2022-08-01T19:16:32Z logger.go:66:                         }
TestTerraformConfluentPlatformExample 2022-08-01T19:16:32Z logger.go:66:                       + podAffinity     = {
TestTerraformConfluentPlatformExample 2022-08-01T19:16:32Z logger.go:66:                           + preferredDuringSchedulingIgnoredDuringExecution = (known after apply)
TestTerraformConfluentPlatformExample 2022-08-01T19:16:32Z logger.go:66:                           + requiredDuringSchedulingIgnoredDuringExecution  = (known after apply)
TestTerraformConfluentPlatformExample 2022-08-01T19:16:32Z logger.go:66:                         }
TestTerraformConfluentPlatformExample 2022-08-01T19:16:32Z logger.go:66:                       + podAntiAffinity = {
TestTerraformConfluentPlatformExample 2022-08-01T19:16:32Z logger.go:66:                           + preferredDuringSchedulingIgnoredDuringExecution = (known after apply)
TestTerraformConfluentPlatformExample 2022-08-01T19:16:32Z logger.go:66:                           + requiredDuringSchedulingIgnoredDuringExecution  = (known after apply)
TestTerraformConfluentPlatformExample 2022-08-01T19:16:32Z logger.go:66:                         }
TestTerraformConfluentPlatformExample 2022-08-01T19:16:32Z logger.go:66:                     }
TestTerraformConfluentPlatformExample 2022-08-01T19:16:32Z logger.go:66:                   + annotations                   = (known after apply)
TestTerraformConfluentPlatformExample 2022-08-01T19:16:32Z logger.go:66:                   + envVars                       = (known after apply)
TestTerraformConfluentPlatformExample 2022-08-01T19:16:32Z logger.go:66:                   + labels                        = (known after apply)
TestTerraformConfluentPlatformExample 2022-08-01T19:16:32Z logger.go:66:                   + podSecurityContext            = {
TestTerraformConfluentPlatformExample 2022-08-01T19:16:32Z logger.go:66:                       + fsGroup             = (known after apply)
TestTerraformConfluentPlatformExample 2022-08-01T19:16:32Z logger.go:66:                       + fsGroupChangePolicy = (known after apply)
TestTerraformConfluentPlatformExample 2022-08-01T19:16:32Z logger.go:66:                       + runAsGroup          = (known after apply)
TestTerraformConfluentPlatformExample 2022-08-01T19:16:32Z logger.go:66:                       + runAsNonRoot        = (known after apply)
TestTerraformConfluentPlatformExample 2022-08-01T19:16:32Z logger.go:66:                       + runAsUser           = (known after apply)
TestTerraformConfluentPlatformExample 2022-08-01T19:16:32Z logger.go:66:                       + seLinuxOptions      = {
TestTerraformConfluentPlatformExample 2022-08-01T19:16:32Z logger.go:66:                           + level = (known after apply)
TestTerraformConfluentPlatformExample 2022-08-01T19:16:32Z logger.go:66:                           + role  = (known after apply)
TestTerraformConfluentPlatformExample 2022-08-01T19:16:32Z logger.go:66:                           + type  = (known after apply)
TestTerraformConfluentPlatformExample 2022-08-01T19:16:32Z logger.go:66:                           + user  = (known after apply)
TestTerraformConfluentPlatformExample 2022-08-01T19:16:32Z logger.go:66:                         }
TestTerraformConfluentPlatformExample 2022-08-01T19:16:32Z logger.go:66:                       + seccompProfile      = {
TestTerraformConfluentPlatformExample 2022-08-01T19:16:32Z logger.go:66:                           + localhostProfile = (known after apply)
TestTerraformConfluentPlatformExample 2022-08-01T19:16:32Z logger.go:66:                           + type             = (known after apply)
TestTerraformConfluentPlatformExample 2022-08-01T19:16:32Z logger.go:66:                         }
TestTerraformConfluentPlatformExample 2022-08-01T19:16:32Z logger.go:66:                       + supplementalGroups  = (known after apply)
TestTerraformConfluentPlatformExample 2022-08-01T19:16:32Z logger.go:66:                       + sysctls             = (known after apply)
TestTerraformConfluentPlatformExample 2022-08-01T19:16:32Z logger.go:66:                       + windowsOptions      = {
TestTerraformConfluentPlatformExample 2022-08-01T19:16:32Z logger.go:66:                           + gmsaCredentialSpec     = (known after apply)
TestTerraformConfluentPlatformExample 2022-08-01T19:16:32Z logger.go:66:                           + gmsaCredentialSpecName = (known after apply)
TestTerraformConfluentPlatformExample 2022-08-01T19:16:32Z logger.go:66:                           + hostProcess            = (known after apply)
TestTerraformConfluentPlatformExample 2022-08-01T19:16:32Z logger.go:66:                           + runAsUserName          = (known after apply)
TestTerraformConfluentPlatformExample 2022-08-01T19:16:32Z logger.go:66:                         }
TestTerraformConfluentPlatformExample 2022-08-01T19:16:32Z logger.go:66:                     }
TestTerraformConfluentPlatformExample 2022-08-01T19:16:32Z logger.go:66:                   + priorityClassName             = (known after apply)
TestTerraformConfluentPlatformExample 2022-08-01T19:16:32Z logger.go:66:                   + probe                         = {
TestTerraformConfluentPlatformExample 2022-08-01T19:16:32Z logger.go:66:                       + liveness  = {
TestTerraformConfluentPlatformExample 2022-08-01T19:16:32Z logger.go:66:                           + failureThreshold    = (known after apply)
TestTerraformConfluentPlatformExample 2022-08-01T19:16:32Z logger.go:66:                           + initialDelaySeconds = (known after apply)
TestTerraformConfluentPlatformExample 2022-08-01T19:16:32Z logger.go:66:                           + periodSeconds       = (known after apply)
TestTerraformConfluentPlatformExample 2022-08-01T19:16:32Z logger.go:66:                           + successThreshold    = (known after apply)
TestTerraformConfluentPlatformExample 2022-08-01T19:16:32Z logger.go:66:                           + timeoutSeconds      = (known after apply)
TestTerraformConfluentPlatformExample 2022-08-01T19:16:32Z logger.go:66:                         }
TestTerraformConfluentPlatformExample 2022-08-01T19:16:32Z logger.go:66:                       + readiness = {
TestTerraformConfluentPlatformExample 2022-08-01T19:16:32Z logger.go:66:                           + failureThreshold    = (known after apply)
TestTerraformConfluentPlatformExample 2022-08-01T19:16:32Z logger.go:66:                           + initialDelaySeconds = (known after apply)
TestTerraformConfluentPlatformExample 2022-08-01T19:16:32Z logger.go:66:                           + periodSeconds       = (known after apply)
TestTerraformConfluentPlatformExample 2022-08-01T19:16:32Z logger.go:66:                           + successThreshold    = (known after apply)
TestTerraformConfluentPlatformExample 2022-08-01T19:16:32Z logger.go:66:                           + timeoutSeconds      = (known after apply)
TestTerraformConfluentPlatformExample 2022-08-01T19:16:32Z logger.go:66:                         }
TestTerraformConfluentPlatformExample 2022-08-01T19:16:32Z logger.go:66:                     }
TestTerraformConfluentPlatformExample 2022-08-01T19:16:32Z logger.go:66:                   + resources                     = {
TestTerraformConfluentPlatformExample 2022-08-01T19:16:32Z logger.go:66:                       + limits   = (known after apply)
TestTerraformConfluentPlatformExample 2022-08-01T19:16:32Z logger.go:66:                       + requests = (known after apply)
TestTerraformConfluentPlatformExample 2022-08-01T19:16:32Z logger.go:66:                     }
TestTerraformConfluentPlatformExample 2022-08-01T19:16:32Z logger.go:66:                   + securityContext               = {
TestTerraformConfluentPlatformExample 2022-08-01T19:16:32Z logger.go:66:                       + allowPrivilegeEscalation = (known after apply)
TestTerraformConfluentPlatformExample 2022-08-01T19:16:32Z logger.go:66:                       + capabilities             = {
TestTerraformConfluentPlatformExample 2022-08-01T19:16:32Z logger.go:66:                           + add  = (known after apply)
TestTerraformConfluentPlatformExample 2022-08-01T19:16:32Z logger.go:66:                           + drop = (known after apply)
TestTerraformConfluentPlatformExample 2022-08-01T19:16:32Z logger.go:66:                         }
TestTerraformConfluentPlatformExample 2022-08-01T19:16:32Z logger.go:66:                       + privileged               = (known after apply)
TestTerraformConfluentPlatformExample 2022-08-01T19:16:32Z logger.go:66:                       + procMount                = (known after apply)
TestTerraformConfluentPlatformExample 2022-08-01T19:16:32Z logger.go:66:                       + readOnlyRootFilesystem   = (known after apply)
TestTerraformConfluentPlatformExample 2022-08-01T19:16:32Z logger.go:66:                       + runAsGroup               = (known after apply)
TestTerraformConfluentPlatformExample 2022-08-01T19:16:32Z logger.go:66:                       + runAsNonRoot             = (known after apply)
TestTerraformConfluentPlatformExample 2022-08-01T19:16:32Z logger.go:66:                       + runAsUser                = (known after apply)
TestTerraformConfluentPlatformExample 2022-08-01T19:16:32Z logger.go:66:                       + seLinuxOptions           = {
TestTerraformConfluentPlatformExample 2022-08-01T19:16:32Z logger.go:66:                           + level = (known after apply)
TestTerraformConfluentPlatformExample 2022-08-01T19:16:32Z logger.go:66:                           + role  = (known after apply)
TestTerraformConfluentPlatformExample 2022-08-01T19:16:32Z logger.go:66:                           + type  = (known after apply)
TestTerraformConfluentPlatformExample 2022-08-01T19:16:32Z logger.go:66:                           + user  = (known after apply)
TestTerraformConfluentPlatformExample 2022-08-01T19:16:32Z logger.go:66:                         }
TestTerraformConfluentPlatformExample 2022-08-01T19:16:32Z logger.go:66:                       + seccompProfile           = {
TestTerraformConfluentPlatformExample 2022-08-01T19:16:32Z logger.go:66:                           + localhostProfile = (known after apply)
TestTerraformConfluentPlatformExample 2022-08-01T19:16:32Z logger.go:66:                           + type             = (known after apply)
TestTerraformConfluentPlatformExample 2022-08-01T19:16:32Z logger.go:66:                         }
TestTerraformConfluentPlatformExample 2022-08-01T19:16:32Z logger.go:66:                       + windowsOptions           = {
TestTerraformConfluentPlatformExample 2022-08-01T19:16:32Z logger.go:66:                           + gmsaCredentialSpec     = (known after apply)
TestTerraformConfluentPlatformExample 2022-08-01T19:16:32Z logger.go:66:                           + gmsaCredentialSpecName = (known after apply)
TestTerraformConfluentPlatformExample 2022-08-01T19:16:32Z logger.go:66:                           + hostProcess            = (known after apply)
TestTerraformConfluentPlatformExample 2022-08-01T19:16:32Z logger.go:66:                           + runAsUserName          = (known after apply)
TestTerraformConfluentPlatformExample 2022-08-01T19:16:32Z logger.go:66:                         }
TestTerraformConfluentPlatformExample 2022-08-01T19:16:32Z logger.go:66:                     }
TestTerraformConfluentPlatformExample 2022-08-01T19:16:32Z logger.go:66:                   + serviceAccountName            = (known after apply)
TestTerraformConfluentPlatformExample 2022-08-01T19:16:32Z logger.go:66:                   + terminationGracePeriodSeconds = (known after apply)
TestTerraformConfluentPlatformExample 2022-08-01T19:16:32Z logger.go:66:                   + tolerations                   = (known after apply)
TestTerraformConfluentPlatformExample 2022-08-01T19:16:32Z logger.go:66:                   + topologySpreadConstraints     = (known after apply)
TestTerraformConfluentPlatformExample 2022-08-01T19:16:32Z logger.go:66:                 }
TestTerraformConfluentPlatformExample 2022-08-01T19:16:32Z logger.go:66:               + replicas                      = 1
TestTerraformConfluentPlatformExample 2022-08-01T19:16:32Z logger.go:66:               + storageClass                  = {
TestTerraformConfluentPlatformExample 2022-08-01T19:16:32Z logger.go:66:                   + name = (known after apply)
TestTerraformConfluentPlatformExample 2022-08-01T19:16:32Z logger.go:66:                 }
TestTerraformConfluentPlatformExample 2022-08-01T19:16:32Z logger.go:66:               + telemetry                     = {
TestTerraformConfluentPlatformExample 2022-08-01T19:16:32Z logger.go:66:                   + global = (known after apply)
TestTerraformConfluentPlatformExample 2022-08-01T19:16:32Z logger.go:66:                 }
TestTerraformConfluentPlatformExample 2022-08-01T19:16:32Z logger.go:66:               + tls                           = {
TestTerraformConfluentPlatformExample 2022-08-01T19:16:32Z logger.go:66:                   + autoGeneratedCerts       = (known after apply)
TestTerraformConfluentPlatformExample 2022-08-01T19:16:32Z logger.go:66:                   + directoryPathInContainer = (known after apply)
TestTerraformConfluentPlatformExample 2022-08-01T19:16:32Z logger.go:66:                   + ignoreTrustStoreConfig   = (known after apply)
TestTerraformConfluentPlatformExample 2022-08-01T19:16:32Z logger.go:66:                   + jksPassword              = {
TestTerraformConfluentPlatformExample 2022-08-01T19:16:32Z logger.go:66:                       + secretRef = (known after apply)
TestTerraformConfluentPlatformExample 2022-08-01T19:16:32Z logger.go:66:                     }
TestTerraformConfluentPlatformExample 2022-08-01T19:16:32Z logger.go:66:                   + secretRef                = (known after apply)
TestTerraformConfluentPlatformExample 2022-08-01T19:16:32Z logger.go:66:                 }
TestTerraformConfluentPlatformExample 2022-08-01T19:16:32Z logger.go:66:             }
TestTerraformConfluentPlatformExample 2022-08-01T19:16:32Z logger.go:66:         }
TestTerraformConfluentPlatformExample 2022-08-01T19:16:32Z logger.go:66:
TestTerraformConfluentPlatformExample 2022-08-01T19:16:32Z logger.go:66:       + timeouts {
TestTerraformConfluentPlatformExample 2022-08-01T19:16:32Z logger.go:66:           + create = "1h"
TestTerraformConfluentPlatformExample 2022-08-01T19:16:32Z logger.go:66:           + delete = "10m"
TestTerraformConfluentPlatformExample 2022-08-01T19:16:32Z logger.go:66:           + update = "1h"
TestTerraformConfluentPlatformExample 2022-08-01T19:16:32Z logger.go:66:         }
TestTerraformConfluentPlatformExample 2022-08-01T19:16:32Z logger.go:66:
TestTerraformConfluentPlatformExample 2022-08-01T19:16:32Z logger.go:66:       + wait {
TestTerraformConfluentPlatformExample 2022-08-01T19:16:32Z logger.go:66:           + fields = {
TestTerraformConfluentPlatformExample 2022-08-01T19:16:32Z logger.go:66:               + "status.phase" = "RUNNING"
TestTerraformConfluentPlatformExample 2022-08-01T19:16:32Z logger.go:66:             }
TestTerraformConfluentPlatformExample 2022-08-01T19:16:32Z logger.go:66:         }
TestTerraformConfluentPlatformExample 2022-08-01T19:16:32Z logger.go:66:     }
TestTerraformConfluentPlatformExample 2022-08-01T19:16:32Z logger.go:66:
TestTerraformConfluentPlatformExample 2022-08-01T19:16:32Z logger.go:66:   # module.confluent_platform.kubernetes_manifest.components["kafka"] will be created
TestTerraformConfluentPlatformExample 2022-08-01T19:16:32Z logger.go:66:   + resource "kubernetes_manifest" "components" {
TestTerraformConfluentPlatformExample 2022-08-01T19:16:32Z logger.go:66:       + computed_fields = [
TestTerraformConfluentPlatformExample 2022-08-01T19:16:32Z logger.go:66:           + "metadata.finalizers",
TestTerraformConfluentPlatformExample 2022-08-01T19:16:32Z logger.go:66:         ]
TestTerraformConfluentPlatformExample 2022-08-01T19:16:32Z logger.go:66:       + manifest        = {
TestTerraformConfluentPlatformExample 2022-08-01T19:16:32Z logger.go:66:           + apiVersion = "platform.confluent.io/v1beta1"
TestTerraformConfluentPlatformExample 2022-08-01T19:16:32Z logger.go:66:           + kind       = "Kafka"
TestTerraformConfluentPlatformExample 2022-08-01T19:16:32Z logger.go:66:           + metadata   = {
TestTerraformConfluentPlatformExample 2022-08-01T19:16:32Z logger.go:66:               + name      = "kafka"
TestTerraformConfluentPlatformExample 2022-08-01T19:16:32Z logger.go:66:               + namespace = "confluent"
TestTerraformConfluentPlatformExample 2022-08-01T19:16:32Z logger.go:66:             }
TestTerraformConfluentPlatformExample 2022-08-01T19:16:32Z logger.go:66:           + spec       = {
TestTerraformConfluentPlatformExample 2022-08-01T19:16:32Z logger.go:66:               + dataVolumeCapacity = "10Gi"
TestTerraformConfluentPlatformExample 2022-08-01T19:16:32Z logger.go:66:               + image              = {
TestTerraformConfluentPlatformExample 2022-08-01T19:16:32Z logger.go:66:                   + application = "confluentinc/cp-server:7.2.0"
TestTerraformConfluentPlatformExample 2022-08-01T19:16:32Z logger.go:66:                   + init        = "confluentinc/confluent-init-container:2.4.0"
TestTerraformConfluentPlatformExample 2022-08-01T19:16:32Z logger.go:66:                 }
TestTerraformConfluentPlatformExample 2022-08-01T19:16:32Z logger.go:66:               + metricReporter     = {
TestTerraformConfluentPlatformExample 2022-08-01T19:16:32Z logger.go:66:                   + enabled = true
TestTerraformConfluentPlatformExample 2022-08-01T19:16:32Z logger.go:66:                 }
TestTerraformConfluentPlatformExample 2022-08-01T19:16:32Z logger.go:66:               + replicas           = 3
TestTerraformConfluentPlatformExample 2022-08-01T19:16:32Z logger.go:66:             }
TestTerraformConfluentPlatformExample 2022-08-01T19:16:32Z logger.go:66:         }
TestTerraformConfluentPlatformExample 2022-08-01T19:16:32Z logger.go:66:       + object          = {
TestTerraformConfluentPlatformExample 2022-08-01T19:16:32Z logger.go:66:           + apiVersion = "platform.confluent.io/v1beta1"
TestTerraformConfluentPlatformExample 2022-08-01T19:16:32Z logger.go:66:           + kind       = "Kafka"
TestTerraformConfluentPlatformExample 2022-08-01T19:16:32Z logger.go:66:           + metadata   = {
TestTerraformConfluentPlatformExample 2022-08-01T19:16:32Z logger.go:66:               + annotations                = (known after apply)
TestTerraformConfluentPlatformExample 2022-08-01T19:16:32Z logger.go:66:               + clusterName                = (known after apply)
TestTerraformConfluentPlatformExample 2022-08-01T19:16:32Z logger.go:66:               + creationTimestamp          = (known after apply)
TestTerraformConfluentPlatformExample 2022-08-01T19:16:32Z logger.go:66:               + deletionGracePeriodSeconds = (known after apply)
TestTerraformConfluentPlatformExample 2022-08-01T19:16:32Z logger.go:66:               + deletionTimestamp          = (known after apply)
TestTerraformConfluentPlatformExample 2022-08-01T19:16:32Z logger.go:66:               + finalizers                 = (known after apply)
TestTerraformConfluentPlatformExample 2022-08-01T19:16:32Z logger.go:66:               + generateName               = (known after apply)
TestTerraformConfluentPlatformExample 2022-08-01T19:16:32Z logger.go:66:               + generation                 = (known after apply)
TestTerraformConfluentPlatformExample 2022-08-01T19:16:32Z logger.go:66:               + labels                     = (known after apply)
TestTerraformConfluentPlatformExample 2022-08-01T19:16:32Z logger.go:66:               + managedFields              = (known after apply)
TestTerraformConfluentPlatformExample 2022-08-01T19:16:32Z logger.go:66:               + name                       = "kafka"
TestTerraformConfluentPlatformExample 2022-08-01T19:16:32Z logger.go:66:               + namespace                  = "confluent"
TestTerraformConfluentPlatformExample 2022-08-01T19:16:32Z logger.go:66:               + ownerReferences            = (known after apply)
TestTerraformConfluentPlatformExample 2022-08-01T19:16:32Z logger.go:66:               + resourceVersion            = (known after apply)
TestTerraformConfluentPlatformExample 2022-08-01T19:16:32Z logger.go:66:               + selfLink                   = (known after apply)
TestTerraformConfluentPlatformExample 2022-08-01T19:16:32Z logger.go:66:               + uid                        = (known after apply)
TestTerraformConfluentPlatformExample 2022-08-01T19:16:32Z logger.go:66:             }
TestTerraformConfluentPlatformExample 2022-08-01T19:16:32Z logger.go:66:           + spec       = {
TestTerraformConfluentPlatformExample 2022-08-01T19:16:32Z logger.go:66:               + authorization      = {
TestTerraformConfluentPlatformExample 2022-08-01T19:16:32Z logger.go:66:                   + superUsers = (known after apply)
TestTerraformConfluentPlatformExample 2022-08-01T19:16:32Z logger.go:66:                   + type       = (known after apply)
TestTerraformConfluentPlatformExample 2022-08-01T19:16:32Z logger.go:66:                 }
TestTerraformConfluentPlatformExample 2022-08-01T19:16:32Z logger.go:66:               + configOverrides    = {
TestTerraformConfluentPlatformExample 2022-08-01T19:16:32Z logger.go:66:                   + jvm    = (known after apply)
TestTerraformConfluentPlatformExample 2022-08-01T19:16:32Z logger.go:66:                   + log4j  = (known after apply)
TestTerraformConfluentPlatformExample 2022-08-01T19:16:32Z logger.go:66:                   + server = (known after apply)
TestTerraformConfluentPlatformExample 2022-08-01T19:16:32Z logger.go:66:                 }
TestTerraformConfluentPlatformExample 2022-08-01T19:16:32Z logger.go:66:               + dataVolumeCapacity = "10Gi"
TestTerraformConfluentPlatformExample 2022-08-01T19:16:32Z logger.go:66:               + dependencies       = {
TestTerraformConfluentPlatformExample 2022-08-01T19:16:32Z logger.go:66:                   + kafkaRest      = {
TestTerraformConfluentPlatformExample 2022-08-01T19:16:32Z logger.go:66:                       + authentication    = {
TestTerraformConfluentPlatformExample 2022-08-01T19:16:32Z logger.go:66:                           + bearer                = {
TestTerraformConfluentPlatformExample 2022-08-01T19:16:32Z logger.go:66:                               + directoryPathInContainer = (known after apply)
TestTerraformConfluentPlatformExample 2022-08-01T19:16:32Z logger.go:66:                               + secretRef                = (known after apply)
TestTerraformConfluentPlatformExample 2022-08-01T19:16:32Z logger.go:66:                             }
TestTerraformConfluentPlatformExample 2022-08-01T19:16:32Z logger.go:66:                           + jaasConfig            = {
TestTerraformConfluentPlatformExample 2022-08-01T19:16:32Z logger.go:66:                               + secretRef = (known after apply)
TestTerraformConfluentPlatformExample 2022-08-01T19:16:32Z logger.go:66:                             }
TestTerraformConfluentPlatformExample 2022-08-01T19:16:32Z logger.go:66:                           + jaasConfigPassThrough = {
TestTerraformConfluentPlatformExample 2022-08-01T19:16:32Z logger.go:66:                               + directoryPathInContainer = (known after apply)
TestTerraformConfluentPlatformExample 2022-08-01T19:16:32Z logger.go:66:                               + secretRef                = (known after apply)
TestTerraformConfluentPlatformExample 2022-08-01T19:16:32Z logger.go:66:                             }
TestTerraformConfluentPlatformExample 2022-08-01T19:16:32Z logger.go:66:                           + oauthbearer           = {
TestTerraformConfluentPlatformExample 2022-08-01T19:16:32Z logger.go:66:                               + directoryPathInContainer = (known after apply)
TestTerraformConfluentPlatformExample 2022-08-01T19:16:32Z logger.go:66:                               + secretRef                = (known after apply)
TestTerraformConfluentPlatformExample 2022-08-01T19:16:32Z logger.go:66:                             }
TestTerraformConfluentPlatformExample 2022-08-01T19:16:32Z logger.go:66:                           + type                  = (known after apply)
TestTerraformConfluentPlatformExample 2022-08-01T19:16:32Z logger.go:66:                         }
TestTerraformConfluentPlatformExample 2022-08-01T19:16:32Z logger.go:66:                       + bootstrapEndpoint = (known after apply)
TestTerraformConfluentPlatformExample 2022-08-01T19:16:32Z logger.go:66:                       + endpoint          = (known after apply)
TestTerraformConfluentPlatformExample 2022-08-01T19:16:32Z logger.go:66:                       + tls               = {
TestTerraformConfluentPlatformExample 2022-08-01T19:16:32Z logger.go:66:                           + directoryPathInContainer = (known after apply)
TestTerraformConfluentPlatformExample 2022-08-01T19:16:32Z logger.go:66:                           + enabled                  = (known after apply)
TestTerraformConfluentPlatformExample 2022-08-01T19:16:32Z logger.go:66:                           + ignoreTrustStoreConfig   = (known after apply)
TestTerraformConfluentPlatformExample 2022-08-01T19:16:32Z logger.go:66:                           + jksPassword              = {
TestTerraformConfluentPlatformExample 2022-08-01T19:16:32Z logger.go:66:                               + secretRef = (known after apply)
TestTerraformConfluentPlatformExample 2022-08-01T19:16:32Z logger.go:66:                             }
TestTerraformConfluentPlatformExample 2022-08-01T19:16:32Z logger.go:66:                           + secretRef                = (known after apply)
TestTerraformConfluentPlatformExample 2022-08-01T19:16:32Z logger.go:66:                         }
TestTerraformConfluentPlatformExample 2022-08-01T19:16:32Z logger.go:66:                     }
TestTerraformConfluentPlatformExample 2022-08-01T19:16:32Z logger.go:66:                   + mds            = {
TestTerraformConfluentPlatformExample 2022-08-01T19:16:32Z logger.go:66:                       + endpoint     = (known after apply)
TestTerraformConfluentPlatformExample 2022-08-01T19:16:32Z logger.go:66:                       + kafka        = {
TestTerraformConfluentPlatformExample 2022-08-01T19:16:32Z logger.go:66:                           + authentication    = {
TestTerraformConfluentPlatformExample 2022-08-01T19:16:32Z logger.go:66:                               + jaasConfig            = {
TestTerraformConfluentPlatformExample 2022-08-01T19:16:32Z logger.go:66:                                   + secretRef = (known after apply)
TestTerraformConfluentPlatformExample 2022-08-01T19:16:32Z logger.go:66:                                 }
TestTerraformConfluentPlatformExample 2022-08-01T19:16:32Z logger.go:66:                               + jaasConfigPassThrough = {
TestTerraformConfluentPlatformExample 2022-08-01T19:16:32Z logger.go:66:                                   + directoryPathInContainer = (known after apply)
TestTerraformConfluentPlatformExample 2022-08-01T19:16:32Z logger.go:66:                                   + secretRef                = (known after apply)
TestTerraformConfluentPlatformExample 2022-08-01T19:16:32Z logger.go:66:                                 }
TestTerraformConfluentPlatformExample 2022-08-01T19:16:32Z logger.go:66:                               + oauthbearer           = {
TestTerraformConfluentPlatformExample 2022-08-01T19:16:32Z logger.go:66:                                   + directoryPathInContainer = (known after apply)
TestTerraformConfluentPlatformExample 2022-08-01T19:16:32Z logger.go:66:                                   + secretRef                = (known after apply)
TestTerraformConfluentPlatformExample 2022-08-01T19:16:32Z logger.go:66:                                 }
TestTerraformConfluentPlatformExample 2022-08-01T19:16:32Z logger.go:66:                               + type                  = (known after apply)
TestTerraformConfluentPlatformExample 2022-08-01T19:16:32Z logger.go:66:                             }
TestTerraformConfluentPlatformExample 2022-08-01T19:16:32Z logger.go:66:                           + bootstrapEndpoint = (known after apply)
TestTerraformConfluentPlatformExample 2022-08-01T19:16:32Z logger.go:66:                           + discovery         = {
TestTerraformConfluentPlatformExample 2022-08-01T19:16:32Z logger.go:66:                               + name      = (known after apply)
TestTerraformConfluentPlatformExample 2022-08-01T19:16:32Z logger.go:66:                               + namespace = (known after apply)
TestTerraformConfluentPlatformExample 2022-08-01T19:16:32Z logger.go:66:                               + secretRef = (known after apply)
TestTerraformConfluentPlatformExample 2022-08-01T19:16:32Z logger.go:66:                             }
TestTerraformConfluentPlatformExample 2022-08-01T19:16:32Z logger.go:66:                           + tls               = {
TestTerraformConfluentPlatformExample 2022-08-01T19:16:32Z logger.go:66:                               + directoryPathInContainer = (known after apply)
TestTerraformConfluentPlatformExample 2022-08-01T19:16:32Z logger.go:66:                               + enabled                  = (known after apply)
TestTerraformConfluentPlatformExample 2022-08-01T19:16:32Z logger.go:66:                               + ignoreTrustStoreConfig   = (known after apply)
TestTerraformConfluentPlatformExample 2022-08-01T19:16:32Z logger.go:66:                               + jksPassword              = {
TestTerraformConfluentPlatformExample 2022-08-01T19:16:32Z logger.go:66:                                   + secretRef = (known after apply)
TestTerraformConfluentPlatformExample 2022-08-01T19:16:32Z logger.go:66:                                 }
TestTerraformConfluentPlatformExample 2022-08-01T19:16:32Z logger.go:66:                               + secretRef                = (known after apply)
TestTerraformConfluentPlatformExample 2022-08-01T19:16:32Z logger.go:66:                             }
TestTerraformConfluentPlatformExample 2022-08-01T19:16:32Z logger.go:66:                         }
TestTerraformConfluentPlatformExample 2022-08-01T19:16:32Z logger.go:66:                       + tls          = {
TestTerraformConfluentPlatformExample 2022-08-01T19:16:32Z logger.go:66:                           + directoryPathInContainer = (known after apply)
TestTerraformConfluentPlatformExample 2022-08-01T19:16:32Z logger.go:66:                           + enabled                  = (known after apply)
TestTerraformConfluentPlatformExample 2022-08-01T19:16:32Z logger.go:66:                           + ignoreTrustStoreConfig   = (known after apply)
TestTerraformConfluentPlatformExample 2022-08-01T19:16:32Z logger.go:66:                           + jksPassword              = {
TestTerraformConfluentPlatformExample 2022-08-01T19:16:32Z logger.go:66:                               + secretRef = (known after apply)
TestTerraformConfluentPlatformExample 2022-08-01T19:16:32Z logger.go:66:                             }
TestTerraformConfluentPlatformExample 2022-08-01T19:16:32Z logger.go:66:                           + secretRef                = (known after apply)
TestTerraformConfluentPlatformExample 2022-08-01T19:16:32Z logger.go:66:                         }
TestTerraformConfluentPlatformExample 2022-08-01T19:16:32Z logger.go:66:                       + tokenKeyPair = {
TestTerraformConfluentPlatformExample 2022-08-01T19:16:32Z logger.go:66:                           + directoryPathInContainer = (known after apply)
TestTerraformConfluentPlatformExample 2022-08-01T19:16:32Z logger.go:66:                           + secretRef                = (known after apply)
TestTerraformConfluentPlatformExample 2022-08-01T19:16:32Z logger.go:66:                         }
TestTerraformConfluentPlatformExample 2022-08-01T19:16:32Z logger.go:66:                     }
TestTerraformConfluentPlatformExample 2022-08-01T19:16:32Z logger.go:66:                   + schemaRegistry = {
TestTerraformConfluentPlatformExample 2022-08-01T19:16:32Z logger.go:66:                       + authentication = {
TestTerraformConfluentPlatformExample 2022-08-01T19:16:32Z logger.go:66:                           + basic = {
TestTerraformConfluentPlatformExample 2022-08-01T19:16:32Z logger.go:66:                               + debug                    = (known after apply)
TestTerraformConfluentPlatformExample 2022-08-01T19:16:32Z logger.go:66:                               + directoryPathInContainer = (known after apply)
TestTerraformConfluentPlatformExample 2022-08-01T19:16:32Z logger.go:66:                               + restrictedRoles          = (known after apply)
TestTerraformConfluentPlatformExample 2022-08-01T19:16:32Z logger.go:66:                               + roles                    = (known after apply)
TestTerraformConfluentPlatformExample 2022-08-01T19:16:32Z logger.go:66:                               + secretRef                = (known after apply)
TestTerraformConfluentPlatformExample 2022-08-01T19:16:32Z logger.go:66:                             }
TestTerraformConfluentPlatformExample 2022-08-01T19:16:32Z logger.go:66:                           + type  = (known after apply)
TestTerraformConfluentPlatformExample 2022-08-01T19:16:32Z logger.go:66:                         }
TestTerraformConfluentPlatformExample 2022-08-01T19:16:32Z logger.go:66:                       + tls            = {
TestTerraformConfluentPlatformExample 2022-08-01T19:16:32Z logger.go:66:                           + directoryPathInContainer = (known after apply)
TestTerraformConfluentPlatformExample 2022-08-01T19:16:32Z logger.go:66:                           + enabled                  = (known after apply)
TestTerraformConfluentPlatformExample 2022-08-01T19:16:32Z logger.go:66:                           + ignoreTrustStoreConfig   = (known after apply)
TestTerraformConfluentPlatformExample 2022-08-01T19:16:32Z logger.go:66:                           + jksPassword              = {
TestTerraformConfluentPlatformExample 2022-08-01T19:16:32Z logger.go:66:                               + secretRef = (known after apply)
TestTerraformConfluentPlatformExample 2022-08-01T19:16:32Z logger.go:66:                             }
TestTerraformConfluentPlatformExample 2022-08-01T19:16:32Z logger.go:66:                           + secretRef                = (known after apply)
TestTerraformConfluentPlatformExample 2022-08-01T19:16:32Z logger.go:66:                         }
TestTerraformConfluentPlatformExample 2022-08-01T19:16:32Z logger.go:66:                       + url            = (known after apply)
TestTerraformConfluentPlatformExample 2022-08-01T19:16:32Z logger.go:66:                     }
TestTerraformConfluentPlatformExample 2022-08-01T19:16:32Z logger.go:66:                   + zookeeper      = {
TestTerraformConfluentPlatformExample 2022-08-01T19:16:32Z logger.go:66:                       + authentication = {
TestTerraformConfluentPlatformExample 2022-08-01T19:16:32Z logger.go:66:                           + jaasConfig            = {
TestTerraformConfluentPlatformExample 2022-08-01T19:16:32Z logger.go:66:                               + secretRef = (known after apply)
TestTerraformConfluentPlatformExample 2022-08-01T19:16:32Z logger.go:66:                             }
TestTerraformConfluentPlatformExample 2022-08-01T19:16:32Z logger.go:66:                           + jaasConfigPassThrough = {
TestTerraformConfluentPlatformExample 2022-08-01T19:16:32Z logger.go:66:                               + directoryPathInContainer = (known after apply)
TestTerraformConfluentPlatformExample 2022-08-01T19:16:32Z logger.go:66:                               + secretRef                = (known after apply)
TestTerraformConfluentPlatformExample 2022-08-01T19:16:32Z logger.go:66:                             }
TestTerraformConfluentPlatformExample 2022-08-01T19:16:32Z logger.go:66:                           + oauthbearer           = {
TestTerraformConfluentPlatformExample 2022-08-01T19:16:32Z logger.go:66:                               + directoryPathInContainer = (known after apply)
TestTerraformConfluentPlatformExample 2022-08-01T19:16:32Z logger.go:66:                               + secretRef                = (known after apply)
TestTerraformConfluentPlatformExample 2022-08-01T19:16:32Z logger.go:66:                             }
TestTerraformConfluentPlatformExample 2022-08-01T19:16:32Z logger.go:66:                           + type                  = (known after apply)
TestTerraformConfluentPlatformExample 2022-08-01T19:16:32Z logger.go:66:                         }
TestTerraformConfluentPlatformExample 2022-08-01T19:16:32Z logger.go:66:                       + discovery      = {
TestTerraformConfluentPlatformExample 2022-08-01T19:16:32Z logger.go:66:                           + name      = (known after apply)
TestTerraformConfluentPlatformExample 2022-08-01T19:16:32Z logger.go:66:                           + namespace = (known after apply)
TestTerraformConfluentPlatformExample 2022-08-01T19:16:32Z logger.go:66:                           + secretRef = (known after apply)
TestTerraformConfluentPlatformExample 2022-08-01T19:16:32Z logger.go:66:                         }
TestTerraformConfluentPlatformExample 2022-08-01T19:16:32Z logger.go:66:                       + endpoint       = (known after apply)
TestTerraformConfluentPlatformExample 2022-08-01T19:16:32Z logger.go:66:                       + tls            = {
TestTerraformConfluentPlatformExample 2022-08-01T19:16:32Z logger.go:66:                           + directoryPathInContainer = (known after apply)
TestTerraformConfluentPlatformExample 2022-08-01T19:16:32Z logger.go:66:                           + enabled                  = (known after apply)
TestTerraformConfluentPlatformExample 2022-08-01T19:16:32Z logger.go:66:                           + ignoreTrustStoreConfig   = (known after apply)
TestTerraformConfluentPlatformExample 2022-08-01T19:16:32Z logger.go:66:                           + jksPassword              = {
TestTerraformConfluentPlatformExample 2022-08-01T19:16:32Z logger.go:66:                               + secretRef = (known after apply)
TestTerraformConfluentPlatformExample 2022-08-01T19:16:32Z logger.go:66:                             }
TestTerraformConfluentPlatformExample 2022-08-01T19:16:32Z logger.go:66:                           + secretRef                = (known after apply)
TestTerraformConfluentPlatformExample 2022-08-01T19:16:32Z logger.go:66:                         }
TestTerraformConfluentPlatformExample 2022-08-01T19:16:32Z logger.go:66:                     }
TestTerraformConfluentPlatformExample 2022-08-01T19:16:32Z logger.go:66:                 }
TestTerraformConfluentPlatformExample 2022-08-01T19:16:32Z logger.go:66:               + headlessService    = {
TestTerraformConfluentPlatformExample 2022-08-01T19:16:32Z logger.go:66:                   + annotations              = (known after apply)
TestTerraformConfluentPlatformExample 2022-08-01T19:16:32Z logger.go:66:                   + labels                   = (known after apply)
TestTerraformConfluentPlatformExample 2022-08-01T19:16:32Z logger.go:66:                   + publishNotReadyAddresses = (known after apply)
TestTerraformConfluentPlatformExample 2022-08-01T19:16:32Z logger.go:66:                 }
TestTerraformConfluentPlatformExample 2022-08-01T19:16:32Z logger.go:66:               + identityProvider   = {
TestTerraformConfluentPlatformExample 2022-08-01T19:16:32Z logger.go:66:                   + ldap = {
TestTerraformConfluentPlatformExample 2022-08-01T19:16:32Z logger.go:66:                       + address        = (known after apply)
TestTerraformConfluentPlatformExample 2022-08-01T19:16:32Z logger.go:66:                       + authentication = {
TestTerraformConfluentPlatformExample 2022-08-01T19:16:32Z logger.go:66:                           + simple = {
TestTerraformConfluentPlatformExample 2022-08-01T19:16:32Z logger.go:66:                               + directoryPathInContainer = (known after apply)
TestTerraformConfluentPlatformExample 2022-08-01T19:16:32Z logger.go:66:                               + secretRef                = (known after apply)
TestTerraformConfluentPlatformExample 2022-08-01T19:16:32Z logger.go:66:                             }
TestTerraformConfluentPlatformExample 2022-08-01T19:16:32Z logger.go:66:                           + type   = (known after apply)
TestTerraformConfluentPlatformExample 2022-08-01T19:16:32Z logger.go:66:                         }
TestTerraformConfluentPlatformExample 2022-08-01T19:16:32Z logger.go:66:                       + configurations = {
TestTerraformConfluentPlatformExample 2022-08-01T19:16:32Z logger.go:66:                           + groupMemberAttribute         = (known after apply)
TestTerraformConfluentPlatformExample 2022-08-01T19:16:32Z logger.go:66:                           + groupMemberAttributePattern  = (known after apply)
TestTerraformConfluentPlatformExample 2022-08-01T19:16:32Z logger.go:66:                           + groupNameAttribute           = (known after apply)
TestTerraformConfluentPlatformExample 2022-08-01T19:16:32Z logger.go:66:                           + groupObjectClass             = (known after apply)
TestTerraformConfluentPlatformExample 2022-08-01T19:16:32Z logger.go:66:                           + groupSearchBase              = (known after apply)
TestTerraformConfluentPlatformExample 2022-08-01T19:16:32Z logger.go:66:                           + groupSearchFilter            = (known after apply)
TestTerraformConfluentPlatformExample 2022-08-01T19:16:32Z logger.go:66:                           + groupSearchScope             = (known after apply)
TestTerraformConfluentPlatformExample 2022-08-01T19:16:32Z logger.go:66:                           + userMemberOfAttributePattern = (known after apply)
TestTerraformConfluentPlatformExample 2022-08-01T19:16:32Z logger.go:66:                           + userNameAttribute            = (known after apply)
TestTerraformConfluentPlatformExample 2022-08-01T19:16:32Z logger.go:66:                           + userObjectClass              = (known after apply)
TestTerraformConfluentPlatformExample 2022-08-01T19:16:32Z logger.go:66:                           + userSearchBase               = (known after apply)
TestTerraformConfluentPlatformExample 2022-08-01T19:16:32Z logger.go:66:                           + userSearchFilter             = (known after apply)
TestTerraformConfluentPlatformExample 2022-08-01T19:16:32Z logger.go:66:                           + userSearchScope              = (known after apply)
TestTerraformConfluentPlatformExample 2022-08-01T19:16:32Z logger.go:66:                         }
TestTerraformConfluentPlatformExample 2022-08-01T19:16:32Z logger.go:66:                       + tls            = {
TestTerraformConfluentPlatformExample 2022-08-01T19:16:32Z logger.go:66:                           + directoryPathInContainer = (known after apply)
TestTerraformConfluentPlatformExample 2022-08-01T19:16:32Z logger.go:66:                           + enabled                  = (known after apply)
TestTerraformConfluentPlatformExample 2022-08-01T19:16:32Z logger.go:66:                           + ignoreTrustStoreConfig   = (known after apply)
TestTerraformConfluentPlatformExample 2022-08-01T19:16:32Z logger.go:66:                           + jksPassword              = {
TestTerraformConfluentPlatformExample 2022-08-01T19:16:32Z logger.go:66:                               + secretRef = (known after apply)
TestTerraformConfluentPlatformExample 2022-08-01T19:16:32Z logger.go:66:                             }
TestTerraformConfluentPlatformExample 2022-08-01T19:16:32Z logger.go:66:                           + secretRef                = (known after apply)
TestTerraformConfluentPlatformExample 2022-08-01T19:16:32Z logger.go:66:                         }
TestTerraformConfluentPlatformExample 2022-08-01T19:16:32Z logger.go:66:                     }
TestTerraformConfluentPlatformExample 2022-08-01T19:16:32Z logger.go:66:                   + type = (known after apply)
TestTerraformConfluentPlatformExample 2022-08-01T19:16:32Z logger.go:66:                 }
TestTerraformConfluentPlatformExample 2022-08-01T19:16:32Z logger.go:66:               + image              = {
TestTerraformConfluentPlatformExample 2022-08-01T19:16:32Z logger.go:66:                   + application   = "confluentinc/cp-server:7.2.0"
TestTerraformConfluentPlatformExample 2022-08-01T19:16:32Z logger.go:66:                   + init          = "confluentinc/confluent-init-container:2.4.0"
TestTerraformConfluentPlatformExample 2022-08-01T19:16:32Z logger.go:66:                   + pullPolicy    = (known after apply)
TestTerraformConfluentPlatformExample 2022-08-01T19:16:32Z logger.go:66:                   + pullSecretRef = (known after apply)
TestTerraformConfluentPlatformExample 2022-08-01T19:16:32Z logger.go:66:                 }
TestTerraformConfluentPlatformExample 2022-08-01T19:16:32Z logger.go:66:               + injectAnnotations  = (known after apply)
TestTerraformConfluentPlatformExample 2022-08-01T19:16:32Z logger.go:66:               + injectLabels       = (known after apply)
TestTerraformConfluentPlatformExample 2022-08-01T19:16:32Z logger.go:66:               + k8sClusterDomain   = (known after apply)
TestTerraformConfluentPlatformExample 2022-08-01T19:16:32Z logger.go:66:               + license            = {
TestTerraformConfluentPlatformExample 2022-08-01T19:16:32Z logger.go:66:                   + directoryPathInContainer = (known after apply)
TestTerraformConfluentPlatformExample 2022-08-01T19:16:32Z logger.go:66:                   + globalLicense            = (known after apply)
TestTerraformConfluentPlatformExample 2022-08-01T19:16:32Z logger.go:66:                   + secretRef                = (known after apply)
TestTerraformConfluentPlatformExample 2022-08-01T19:16:32Z logger.go:66:                 }
TestTerraformConfluentPlatformExample 2022-08-01T19:16:32Z logger.go:66:               + listeners          = {
TestTerraformConfluentPlatformExample 2022-08-01T19:16:32Z logger.go:66:                   + custom   = (known after apply)
TestTerraformConfluentPlatformExample 2022-08-01T19:16:32Z logger.go:66:                   + external = {
TestTerraformConfluentPlatformExample 2022-08-01T19:16:32Z logger.go:66:                       + authentication = {
TestTerraformConfluentPlatformExample 2022-08-01T19:16:32Z logger.go:66:                           + jaasConfig            = {
TestTerraformConfluentPlatformExample 2022-08-01T19:16:32Z logger.go:66:                               + secretRef = (known after apply)
TestTerraformConfluentPlatformExample 2022-08-01T19:16:32Z logger.go:66:                             }
TestTerraformConfluentPlatformExample 2022-08-01T19:16:32Z logger.go:66:                           + jaasConfigPassThrough = {
TestTerraformConfluentPlatformExample 2022-08-01T19:16:32Z logger.go:66:                               + directoryPathInContainer = (known after apply)
TestTerraformConfluentPlatformExample 2022-08-01T19:16:32Z logger.go:66:                               + secretRef                = (known after apply)
TestTerraformConfluentPlatformExample 2022-08-01T19:16:32Z logger.go:66:                             }
TestTerraformConfluentPlatformExample 2022-08-01T19:16:32Z logger.go:66:                           + principalMappingRules = (known after apply)
TestTerraformConfluentPlatformExample 2022-08-01T19:16:32Z logger.go:66:                           + type                  = (known after apply)
TestTerraformConfluentPlatformExample 2022-08-01T19:16:32Z logger.go:66:                         }
TestTerraformConfluentPlatformExample 2022-08-01T19:16:32Z logger.go:66:                       + externalAccess = {
TestTerraformConfluentPlatformExample 2022-08-01T19:16:32Z logger.go:66:                           + loadBalancer              = {
TestTerraformConfluentPlatformExample 2022-08-01T19:16:32Z logger.go:66:                               + advertisedPort           = (known after apply)
TestTerraformConfluentPlatformExample 2022-08-01T19:16:32Z logger.go:66:                               + annotations              = (known after apply)
TestTerraformConfluentPlatformExample 2022-08-01T19:16:32Z logger.go:66:                               + bootstrapPrefix          = (known after apply)
TestTerraformConfluentPlatformExample 2022-08-01T19:16:32Z logger.go:66:                               + brokerPrefix             = (known after apply)
TestTerraformConfluentPlatformExample 2022-08-01T19:16:32Z logger.go:66:                               + domain                   = (known after apply)
TestTerraformConfluentPlatformExample 2022-08-01T19:16:32Z logger.go:66:                               + externalTrafficPolicy    = (known after apply)
TestTerraformConfluentPlatformExample 2022-08-01T19:16:32Z logger.go:66:                               + labels                   = (known after apply)
TestTerraformConfluentPlatformExample 2022-08-01T19:16:32Z logger.go:66:                               + loadBalancerSourceRanges = (known after apply)
TestTerraformConfluentPlatformExample 2022-08-01T19:16:32Z logger.go:66:                               + servicePorts             = (known after apply)
TestTerraformConfluentPlatformExample 2022-08-01T19:16:32Z logger.go:66:                               + sessionAffinity          = (known after apply)
TestTerraformConfluentPlatformExample 2022-08-01T19:16:32Z logger.go:66:                               + sessionAffinityConfig    = {
TestTerraformConfluentPlatformExample 2022-08-01T19:16:32Z logger.go:66:                                   + clientIP = {
TestTerraformConfluentPlatformExample 2022-08-01T19:16:32Z logger.go:66:                                       + timeoutSeconds = (known after apply)
TestTerraformConfluentPlatformExample 2022-08-01T19:16:32Z logger.go:66:                                     }
TestTerraformConfluentPlatformExample 2022-08-01T19:16:32Z logger.go:66:                                 }
TestTerraformConfluentPlatformExample 2022-08-01T19:16:32Z logger.go:66:                             }
TestTerraformConfluentPlatformExample 2022-08-01T19:16:32Z logger.go:66:                           + nodePort                  = {
TestTerraformConfluentPlatformExample 2022-08-01T19:16:32Z logger.go:66:                               + advertisedURL         = {
TestTerraformConfluentPlatformExample 2022-08-01T19:16:32Z logger.go:66:                                   + enabled = (known after apply)
TestTerraformConfluentPlatformExample 2022-08-01T19:16:32Z logger.go:66:                                   + prefix  = (known after apply)
TestTerraformConfluentPlatformExample 2022-08-01T19:16:32Z logger.go:66:                                 }
TestTerraformConfluentPlatformExample 2022-08-01T19:16:32Z logger.go:66:                               + annotations           = (known after apply)
TestTerraformConfluentPlatformExample 2022-08-01T19:16:32Z logger.go:66:                               + externalTrafficPolicy = (known after apply)
TestTerraformConfluentPlatformExample 2022-08-01T19:16:32Z logger.go:66:                               + host                  = (known after apply)
TestTerraformConfluentPlatformExample 2022-08-01T19:16:32Z logger.go:66:                               + labels                = (known after apply)
TestTerraformConfluentPlatformExample 2022-08-01T19:16:32Z logger.go:66:                               + nodePortOffset        = (known after apply)
TestTerraformConfluentPlatformExample 2022-08-01T19:16:32Z logger.go:66:                               + servicePorts          = (known after apply)
TestTerraformConfluentPlatformExample 2022-08-01T19:16:32Z logger.go:66:                               + sessionAffinity       = (known after apply)
TestTerraformConfluentPlatformExample 2022-08-01T19:16:32Z logger.go:66:                               + sessionAffinityConfig = {
TestTerraformConfluentPlatformExample 2022-08-01T19:16:32Z logger.go:66:                                   + clientIP = {
TestTerraformConfluentPlatformExample 2022-08-01T19:16:32Z logger.go:66:                                       + timeoutSeconds = (known after apply)
TestTerraformConfluentPlatformExample 2022-08-01T19:16:32Z logger.go:66:                                     }
TestTerraformConfluentPlatformExample 2022-08-01T19:16:32Z logger.go:66:                                 }
TestTerraformConfluentPlatformExample 2022-08-01T19:16:32Z logger.go:66:                             }
TestTerraformConfluentPlatformExample 2022-08-01T19:16:32Z logger.go:66:                           + route                     = {
TestTerraformConfluentPlatformExample 2022-08-01T19:16:32Z logger.go:66:                               + annotations     = (known after apply)
TestTerraformConfluentPlatformExample 2022-08-01T19:16:32Z logger.go:66:                               + bootstrapPrefix = (known after apply)
TestTerraformConfluentPlatformExample 2022-08-01T19:16:32Z logger.go:66:                               + brokerPrefix    = (known after apply)
TestTerraformConfluentPlatformExample 2022-08-01T19:16:32Z logger.go:66:                               + domain          = (known after apply)
TestTerraformConfluentPlatformExample 2022-08-01T19:16:32Z logger.go:66:                               + labels          = (known after apply)
TestTerraformConfluentPlatformExample 2022-08-01T19:16:32Z logger.go:66:                               + wildcardPolicy  = (known after apply)
TestTerraformConfluentPlatformExample 2022-08-01T19:16:32Z logger.go:66:                             }
TestTerraformConfluentPlatformExample 2022-08-01T19:16:32Z logger.go:66:                           + staticForHostBasedRouting = {
TestTerraformConfluentPlatformExample 2022-08-01T19:16:32Z logger.go:66:                               + brokerPrefix = (known after apply)
TestTerraformConfluentPlatformExample 2022-08-01T19:16:32Z logger.go:66:                               + domain       = (known after apply)
TestTerraformConfluentPlatformExample 2022-08-01T19:16:32Z logger.go:66:                               + port         = (known after apply)
TestTerraformConfluentPlatformExample 2022-08-01T19:16:32Z logger.go:66:                             }
TestTerraformConfluentPlatformExample 2022-08-01T19:16:32Z logger.go:66:                           + staticForPortBasedRouting = {
TestTerraformConfluentPlatformExample 2022-08-01T19:16:32Z logger.go:66:                               + host       = (known after apply)
TestTerraformConfluentPlatformExample 2022-08-01T19:16:32Z logger.go:66:                               + portOffset = (known after apply)
TestTerraformConfluentPlatformExample 2022-08-01T19:16:32Z logger.go:66:                             }
TestTerraformConfluentPlatformExample 2022-08-01T19:16:32Z logger.go:66:                           + type                      = (known after apply)
TestTerraformConfluentPlatformExample 2022-08-01T19:16:32Z logger.go:66:                         }
TestTerraformConfluentPlatformExample 2022-08-01T19:16:32Z logger.go:66:                       + tls            = {
TestTerraformConfluentPlatformExample 2022-08-01T19:16:32Z logger.go:66:                           + directoryPathInContainer = (known after apply)
TestTerraformConfluentPlatformExample 2022-08-01T19:16:32Z logger.go:66:                           + enabled                  = (known after apply)
TestTerraformConfluentPlatformExample 2022-08-01T19:16:32Z logger.go:66:                           + ignoreTrustStoreConfig   = (known after apply)
TestTerraformConfluentPlatformExample 2022-08-01T19:16:32Z logger.go:66:                           + jksPassword              = {
TestTerraformConfluentPlatformExample 2022-08-01T19:16:32Z logger.go:66:                               + secretRef = (known after apply)
TestTerraformConfluentPlatformExample 2022-08-01T19:16:32Z logger.go:66:                             }
TestTerraformConfluentPlatformExample 2022-08-01T19:16:32Z logger.go:66:                           + secretRef                = (known after apply)
TestTerraformConfluentPlatformExample 2022-08-01T19:16:32Z logger.go:66:                         }
TestTerraformConfluentPlatformExample 2022-08-01T19:16:32Z logger.go:66:                     }
TestTerraformConfluentPlatformExample 2022-08-01T19:16:32Z logger.go:66:                   + internal = {
TestTerraformConfluentPlatformExample 2022-08-01T19:16:32Z logger.go:66:                       + authentication = {
TestTerraformConfluentPlatformExample 2022-08-01T19:16:32Z logger.go:66:                           + jaasConfig            = {
TestTerraformConfluentPlatformExample 2022-08-01T19:16:32Z logger.go:66:                               + secretRef = (known after apply)
TestTerraformConfluentPlatformExample 2022-08-01T19:16:32Z logger.go:66:                             }
TestTerraformConfluentPlatformExample 2022-08-01T19:16:32Z logger.go:66:                           + jaasConfigPassThrough = {
TestTerraformConfluentPlatformExample 2022-08-01T19:16:32Z logger.go:66:                               + directoryPathInContainer = (known after apply)
TestTerraformConfluentPlatformExample 2022-08-01T19:16:32Z logger.go:66:                               + secretRef                = (known after apply)
TestTerraformConfluentPlatformExample 2022-08-01T19:16:32Z logger.go:66:                             }
TestTerraformConfluentPlatformExample 2022-08-01T19:16:32Z logger.go:66:                           + principalMappingRules = (known after apply)
TestTerraformConfluentPlatformExample 2022-08-01T19:16:32Z logger.go:66:                           + type                  = (known after apply)
TestTerraformConfluentPlatformExample 2022-08-01T19:16:32Z logger.go:66:                         }
TestTerraformConfluentPlatformExample 2022-08-01T19:16:32Z logger.go:66:                       + tls            = {
TestTerraformConfluentPlatformExample 2022-08-01T19:16:32Z logger.go:66:                           + directoryPathInContainer = (known after apply)
TestTerraformConfluentPlatformExample 2022-08-01T19:16:32Z logger.go:66:                           + enabled                  = (known after apply)
TestTerraformConfluentPlatformExample 2022-08-01T19:16:32Z logger.go:66:                           + ignoreTrustStoreConfig   = (known after apply)
TestTerraformConfluentPlatformExample 2022-08-01T19:16:32Z logger.go:66:                           + jksPassword              = {
TestTerraformConfluentPlatformExample 2022-08-01T19:16:32Z logger.go:66:                               + secretRef = (known after apply)
TestTerraformConfluentPlatformExample 2022-08-01T19:16:32Z logger.go:66:                             }
TestTerraformConfluentPlatformExample 2022-08-01T19:16:32Z logger.go:66:                           + secretRef                = (known after apply)
TestTerraformConfluentPlatformExample 2022-08-01T19:16:32Z logger.go:66:                         }
TestTerraformConfluentPlatformExample 2022-08-01T19:16:32Z logger.go:66:                     }
TestTerraformConfluentPlatformExample 2022-08-01T19:16:32Z logger.go:66:                 }
TestTerraformConfluentPlatformExample 2022-08-01T19:16:32Z logger.go:66:               + metricReporter     = {
TestTerraformConfluentPlatformExample 2022-08-01T19:16:32Z logger.go:66:                   + authentication    = {
TestTerraformConfluentPlatformExample 2022-08-01T19:16:32Z logger.go:66:                       + jaasConfig            = {
TestTerraformConfluentPlatformExample 2022-08-01T19:16:32Z logger.go:66:                           + secretRef = (known after apply)
TestTerraformConfluentPlatformExample 2022-08-01T19:16:32Z logger.go:66:                         }
TestTerraformConfluentPlatformExample 2022-08-01T19:16:32Z logger.go:66:                       + jaasConfigPassThrough = {
TestTerraformConfluentPlatformExample 2022-08-01T19:16:32Z logger.go:66:                           + directoryPathInContainer = (known after apply)
TestTerraformConfluentPlatformExample 2022-08-01T19:16:32Z logger.go:66:                           + secretRef                = (known after apply)
TestTerraformConfluentPlatformExample 2022-08-01T19:16:32Z logger.go:66:                         }
TestTerraformConfluentPlatformExample 2022-08-01T19:16:32Z logger.go:66:                       + oauthbearer           = {
TestTerraformConfluentPlatformExample 2022-08-01T19:16:32Z logger.go:66:                           + directoryPathInContainer = (known after apply)
TestTerraformConfluentPlatformExample 2022-08-01T19:16:32Z logger.go:66:                           + secretRef                = (known after apply)
TestTerraformConfluentPlatformExample 2022-08-01T19:16:32Z logger.go:66:                         }
TestTerraformConfluentPlatformExample 2022-08-01T19:16:32Z logger.go:66:                       + type                  = (known after apply)
TestTerraformConfluentPlatformExample 2022-08-01T19:16:32Z logger.go:66:                     }
TestTerraformConfluentPlatformExample 2022-08-01T19:16:32Z logger.go:66:                   + bootstrapEndpoint = (known after apply)
TestTerraformConfluentPlatformExample 2022-08-01T19:16:32Z logger.go:66:                   + enabled           = true
TestTerraformConfluentPlatformExample 2022-08-01T19:16:32Z logger.go:66:                   + replicationFactor = (known after apply)
TestTerraformConfluentPlatformExample 2022-08-01T19:16:32Z logger.go:66:                   + tls               = {
TestTerraformConfluentPlatformExample 2022-08-01T19:16:32Z logger.go:66:                       + directoryPathInContainer = (known after apply)
TestTerraformConfluentPlatformExample 2022-08-01T19:16:32Z logger.go:66:                       + enabled                  = (known after apply)
TestTerraformConfluentPlatformExample 2022-08-01T19:16:32Z logger.go:66:                       + ignoreTrustStoreConfig   = (known after apply)
TestTerraformConfluentPlatformExample 2022-08-01T19:16:32Z logger.go:66:                       + jksPassword              = {
TestTerraformConfluentPlatformExample 2022-08-01T19:16:32Z logger.go:66:                           + secretRef = (known after apply)
TestTerraformConfluentPlatformExample 2022-08-01T19:16:32Z logger.go:66:                         }
TestTerraformConfluentPlatformExample 2022-08-01T19:16:32Z logger.go:66:                       + secretRef                = (known after apply)
TestTerraformConfluentPlatformExample 2022-08-01T19:16:32Z logger.go:66:                     }
TestTerraformConfluentPlatformExample 2022-08-01T19:16:32Z logger.go:66:                 }
TestTerraformConfluentPlatformExample 2022-08-01T19:16:32Z logger.go:66:               + metrics            = {
TestTerraformConfluentPlatformExample 2022-08-01T19:16:32Z logger.go:66:                   + authentication = {
TestTerraformConfluentPlatformExample 2022-08-01T19:16:32Z logger.go:66:                       + type = (known after apply)
TestTerraformConfluentPlatformExample 2022-08-01T19:16:32Z logger.go:66:                     }
TestTerraformConfluentPlatformExample 2022-08-01T19:16:32Z logger.go:66:                   + prometheus     = {
TestTerraformConfluentPlatformExample 2022-08-01T19:16:32Z logger.go:66:                       + blacklist = (known after apply)
TestTerraformConfluentPlatformExample 2022-08-01T19:16:32Z logger.go:66:                       + rules     = (known after apply)
TestTerraformConfluentPlatformExample 2022-08-01T19:16:32Z logger.go:66:                       + whitelist = (known after apply)
TestTerraformConfluentPlatformExample 2022-08-01T19:16:32Z logger.go:66:                     }
TestTerraformConfluentPlatformExample 2022-08-01T19:16:32Z logger.go:66:                   + tls            = {
TestTerraformConfluentPlatformExample 2022-08-01T19:16:32Z logger.go:66:                       + directoryPathInContainer = (known after apply)
TestTerraformConfluentPlatformExample 2022-08-01T19:16:32Z logger.go:66:                       + enabled                  = (known after apply)
TestTerraformConfluentPlatformExample 2022-08-01T19:16:32Z logger.go:66:                       + ignoreTrustStoreConfig   = (known after apply)
TestTerraformConfluentPlatformExample 2022-08-01T19:16:32Z logger.go:66:                       + jksPassword              = {
TestTerraformConfluentPlatformExample 2022-08-01T19:16:32Z logger.go:66:                           + secretRef = (known after apply)
TestTerraformConfluentPlatformExample 2022-08-01T19:16:32Z logger.go:66:                         }
TestTerraformConfluentPlatformExample 2022-08-01T19:16:32Z logger.go:66:                       + secretRef                = (known after apply)
TestTerraformConfluentPlatformExample 2022-08-01T19:16:32Z logger.go:66:                     }
TestTerraformConfluentPlatformExample 2022-08-01T19:16:32Z logger.go:66:                 }
TestTerraformConfluentPlatformExample 2022-08-01T19:16:32Z logger.go:66:               + mountedSecrets     = (known after apply)
TestTerraformConfluentPlatformExample 2022-08-01T19:16:32Z logger.go:66:               + mountedVolumes     = {
TestTerraformConfluentPlatformExample 2022-08-01T19:16:32Z logger.go:66:                   + volumeMounts = (known after apply)
TestTerraformConfluentPlatformExample 2022-08-01T19:16:32Z logger.go:66:                   + volumes      = (known after apply)
TestTerraformConfluentPlatformExample 2022-08-01T19:16:32Z logger.go:66:                 }
TestTerraformConfluentPlatformExample 2022-08-01T19:16:32Z logger.go:66:               + oneReplicaPerNode  = (known after apply)
TestTerraformConfluentPlatformExample 2022-08-01T19:16:32Z logger.go:66:               + passwordEncoder    = {
TestTerraformConfluentPlatformExample 2022-08-01T19:16:32Z logger.go:66:                   + directoryPathInContainer = (known after apply)
TestTerraformConfluentPlatformExample 2022-08-01T19:16:32Z logger.go:66:                   + secretRef                = (known after apply)
TestTerraformConfluentPlatformExample 2022-08-01T19:16:32Z logger.go:66:                 }
TestTerraformConfluentPlatformExample 2022-08-01T19:16:32Z logger.go:66:               + podTemplate        = {
TestTerraformConfluentPlatformExample 2022-08-01T19:16:32Z logger.go:66:                   + affinity                      = {
TestTerraformConfluentPlatformExample 2022-08-01T19:16:32Z logger.go:66:                       + nodeAffinity    = {
TestTerraformConfluentPlatformExample 2022-08-01T19:16:32Z logger.go:66:                           + preferredDuringSchedulingIgnoredDuringExecution = (known after apply)
TestTerraformConfluentPlatformExample 2022-08-01T19:16:32Z logger.go:66:                           + requiredDuringSchedulingIgnoredDuringExecution  = {
TestTerraformConfluentPlatformExample 2022-08-01T19:16:32Z logger.go:66:                               + nodeSelectorTerms = (known after apply)
TestTerraformConfluentPlatformExample 2022-08-01T19:16:32Z logger.go:66:                             }
TestTerraformConfluentPlatformExample 2022-08-01T19:16:32Z logger.go:66:                         }
TestTerraformConfluentPlatformExample 2022-08-01T19:16:32Z logger.go:66:                       + podAffinity     = {
TestTerraformConfluentPlatformExample 2022-08-01T19:16:32Z logger.go:66:                           + preferredDuringSchedulingIgnoredDuringExecution = (known after apply)
TestTerraformConfluentPlatformExample 2022-08-01T19:16:32Z logger.go:66:                           + requiredDuringSchedulingIgnoredDuringExecution  = (known after apply)
TestTerraformConfluentPlatformExample 2022-08-01T19:16:32Z logger.go:66:                         }
TestTerraformConfluentPlatformExample 2022-08-01T19:16:32Z logger.go:66:                       + podAntiAffinity = {
TestTerraformConfluentPlatformExample 2022-08-01T19:16:32Z logger.go:66:                           + preferredDuringSchedulingIgnoredDuringExecution = (known after apply)
TestTerraformConfluentPlatformExample 2022-08-01T19:16:32Z logger.go:66:                           + requiredDuringSchedulingIgnoredDuringExecution  = (known after apply)
TestTerraformConfluentPlatformExample 2022-08-01T19:16:32Z logger.go:66:                         }
TestTerraformConfluentPlatformExample 2022-08-01T19:16:32Z logger.go:66:                     }
TestTerraformConfluentPlatformExample 2022-08-01T19:16:32Z logger.go:66:                   + annotations                   = (known after apply)
TestTerraformConfluentPlatformExample 2022-08-01T19:16:32Z logger.go:66:                   + envVars                       = (known after apply)
TestTerraformConfluentPlatformExample 2022-08-01T19:16:32Z logger.go:66:                   + labels                        = (known after apply)
TestTerraformConfluentPlatformExample 2022-08-01T19:16:32Z logger.go:66:                   + podSecurityContext            = {
TestTerraformConfluentPlatformExample 2022-08-01T19:16:32Z logger.go:66:                       + fsGroup             = (known after apply)
TestTerraformConfluentPlatformExample 2022-08-01T19:16:32Z logger.go:66:                       + fsGroupChangePolicy = (known after apply)
TestTerraformConfluentPlatformExample 2022-08-01T19:16:32Z logger.go:66:                       + runAsGroup          = (known after apply)
TestTerraformConfluentPlatformExample 2022-08-01T19:16:32Z logger.go:66:                       + runAsNonRoot        = (known after apply)
TestTerraformConfluentPlatformExample 2022-08-01T19:16:32Z logger.go:66:                       + runAsUser           = (known after apply)
TestTerraformConfluentPlatformExample 2022-08-01T19:16:32Z logger.go:66:                       + seLinuxOptions      = {
TestTerraformConfluentPlatformExample 2022-08-01T19:16:32Z logger.go:66:                           + level = (known after apply)
TestTerraformConfluentPlatformExample 2022-08-01T19:16:32Z logger.go:66:                           + role  = (known after apply)
TestTerraformConfluentPlatformExample 2022-08-01T19:16:32Z logger.go:66:                           + type  = (known after apply)
TestTerraformConfluentPlatformExample 2022-08-01T19:16:32Z logger.go:66:                           + user  = (known after apply)
TestTerraformConfluentPlatformExample 2022-08-01T19:16:32Z logger.go:66:                         }
TestTerraformConfluentPlatformExample 2022-08-01T19:16:32Z logger.go:66:                       + seccompProfile      = {
TestTerraformConfluentPlatformExample 2022-08-01T19:16:32Z logger.go:66:                           + localhostProfile = (known after apply)
TestTerraformConfluentPlatformExample 2022-08-01T19:16:32Z logger.go:66:                           + type             = (known after apply)
TestTerraformConfluentPlatformExample 2022-08-01T19:16:32Z logger.go:66:                         }
TestTerraformConfluentPlatformExample 2022-08-01T19:16:32Z logger.go:66:                       + supplementalGroups  = (known after apply)
TestTerraformConfluentPlatformExample 2022-08-01T19:16:32Z logger.go:66:                       + sysctls             = (known after apply)
TestTerraformConfluentPlatformExample 2022-08-01T19:16:32Z logger.go:66:                       + windowsOptions      = {
TestTerraformConfluentPlatformExample 2022-08-01T19:16:32Z logger.go:66:                           + gmsaCredentialSpec     = (known after apply)
TestTerraformConfluentPlatformExample 2022-08-01T19:16:32Z logger.go:66:                           + gmsaCredentialSpecName = (known after apply)
TestTerraformConfluentPlatformExample 2022-08-01T19:16:32Z logger.go:66:                           + hostProcess            = (known after apply)
TestTerraformConfluentPlatformExample 2022-08-01T19:16:32Z logger.go:66:                           + runAsUserName          = (known after apply)
TestTerraformConfluentPlatformExample 2022-08-01T19:16:32Z logger.go:66:                         }
TestTerraformConfluentPlatformExample 2022-08-01T19:16:32Z logger.go:66:                     }
TestTerraformConfluentPlatformExample 2022-08-01T19:16:32Z logger.go:66:                   + priorityClassName             = (known after apply)
TestTerraformConfluentPlatformExample 2022-08-01T19:16:32Z logger.go:66:                   + probe                         = {
TestTerraformConfluentPlatformExample 2022-08-01T19:16:32Z logger.go:66:                       + liveness  = {
TestTerraformConfluentPlatformExample 2022-08-01T19:16:32Z logger.go:66:                           + failureThreshold    = (known after apply)
TestTerraformConfluentPlatformExample 2022-08-01T19:16:32Z logger.go:66:                           + initialDelaySeconds = (known after apply)
TestTerraformConfluentPlatformExample 2022-08-01T19:16:32Z logger.go:66:                           + periodSeconds       = (known after apply)
TestTerraformConfluentPlatformExample 2022-08-01T19:16:32Z logger.go:66:                           + successThreshold    = (known after apply)
TestTerraformConfluentPlatformExample 2022-08-01T19:16:32Z logger.go:66:                           + timeoutSeconds      = (known after apply)
TestTerraformConfluentPlatformExample 2022-08-01T19:16:32Z logger.go:66:                         }
TestTerraformConfluentPlatformExample 2022-08-01T19:16:32Z logger.go:66:                       + readiness = {
TestTerraformConfluentPlatformExample 2022-08-01T19:16:32Z logger.go:66:                           + failureThreshold    = (known after apply)
TestTerraformConfluentPlatformExample 2022-08-01T19:16:32Z logger.go:66:                           + initialDelaySeconds = (known after apply)
TestTerraformConfluentPlatformExample 2022-08-01T19:16:32Z logger.go:66:                           + periodSeconds       = (known after apply)
TestTerraformConfluentPlatformExample 2022-08-01T19:16:32Z logger.go:66:                           + successThreshold    = (known after apply)
TestTerraformConfluentPlatformExample 2022-08-01T19:16:32Z logger.go:66:                           + timeoutSeconds      = (known after apply)
TestTerraformConfluentPlatformExample 2022-08-01T19:16:32Z logger.go:66:                         }
TestTerraformConfluentPlatformExample 2022-08-01T19:16:32Z logger.go:66:                     }
TestTerraformConfluentPlatformExample 2022-08-01T19:16:32Z logger.go:66:                   + resources                     = {
TestTerraformConfluentPlatformExample 2022-08-01T19:16:32Z logger.go:66:                       + limits   = (known after apply)
TestTerraformConfluentPlatformExample 2022-08-01T19:16:32Z logger.go:66:                       + requests = (known after apply)
TestTerraformConfluentPlatformExample 2022-08-01T19:16:32Z logger.go:66:                     }
TestTerraformConfluentPlatformExample 2022-08-01T19:16:32Z logger.go:66:                   + securityContext               = {
TestTerraformConfluentPlatformExample 2022-08-01T19:16:32Z logger.go:66:                       + allowPrivilegeEscalation = (known after apply)
TestTerraformConfluentPlatformExample 2022-08-01T19:16:32Z logger.go:66:                       + capabilities             = {
TestTerraformConfluentPlatformExample 2022-08-01T19:16:32Z logger.go:66:                           + add  = (known after apply)
TestTerraformConfluentPlatformExample 2022-08-01T19:16:32Z logger.go:66:                           + drop = (known after apply)
TestTerraformConfluentPlatformExample 2022-08-01T19:16:32Z logger.go:66:                         }
TestTerraformConfluentPlatformExample 2022-08-01T19:16:32Z logger.go:66:                       + privileged               = (known after apply)
TestTerraformConfluentPlatformExample 2022-08-01T19:16:32Z logger.go:66:                       + procMount                = (known after apply)
TestTerraformConfluentPlatformExample 2022-08-01T19:16:32Z logger.go:66:                       + readOnlyRootFilesystem   = (known after apply)
TestTerraformConfluentPlatformExample 2022-08-01T19:16:32Z logger.go:66:                       + runAsGroup               = (known after apply)
TestTerraformConfluentPlatformExample 2022-08-01T19:16:32Z logger.go:66:                       + runAsNonRoot             = (known after apply)
TestTerraformConfluentPlatformExample 2022-08-01T19:16:32Z logger.go:66:                       + runAsUser                = (known after apply)
TestTerraformConfluentPlatformExample 2022-08-01T19:16:32Z logger.go:66:                       + seLinuxOptions           = {
TestTerraformConfluentPlatformExample 2022-08-01T19:16:32Z logger.go:66:                           + level = (known after apply)
TestTerraformConfluentPlatformExample 2022-08-01T19:16:32Z logger.go:66:                           + role  = (known after apply)
TestTerraformConfluentPlatformExample 2022-08-01T19:16:32Z logger.go:66:                           + type  = (known after apply)
TestTerraformConfluentPlatformExample 2022-08-01T19:16:32Z logger.go:66:                           + user  = (known after apply)
TestTerraformConfluentPlatformExample 2022-08-01T19:16:32Z logger.go:66:                         }
TestTerraformConfluentPlatformExample 2022-08-01T19:16:32Z logger.go:66:                       + seccompProfile           = {
TestTerraformConfluentPlatformExample 2022-08-01T19:16:32Z logger.go:66:                           + localhostProfile = (known after apply)
TestTerraformConfluentPlatformExample 2022-08-01T19:16:32Z logger.go:66:                           + type             = (known after apply)
TestTerraformConfluentPlatformExample 2022-08-01T19:16:32Z logger.go:66:                         }
TestTerraformConfluentPlatformExample 2022-08-01T19:16:32Z logger.go:66:                       + windowsOptions           = {
TestTerraformConfluentPlatformExample 2022-08-01T19:16:32Z logger.go:66:                           + gmsaCredentialSpec     = (known after apply)
TestTerraformConfluentPlatformExample 2022-08-01T19:16:32Z logger.go:66:                           + gmsaCredentialSpecName = (known after apply)
TestTerraformConfluentPlatformExample 2022-08-01T19:16:32Z logger.go:66:                           + hostProcess            = (known after apply)
TestTerraformConfluentPlatformExample 2022-08-01T19:16:32Z logger.go:66:                           + runAsUserName          = (known after apply)
TestTerraformConfluentPlatformExample 2022-08-01T19:16:32Z logger.go:66:                         }
TestTerraformConfluentPlatformExample 2022-08-01T19:16:32Z logger.go:66:                     }
TestTerraformConfluentPlatformExample 2022-08-01T19:16:32Z logger.go:66:                   + serviceAccountName            = (known after apply)
TestTerraformConfluentPlatformExample 2022-08-01T19:16:32Z logger.go:66:                   + terminationGracePeriodSeconds = (known after apply)
TestTerraformConfluentPlatformExample 2022-08-01T19:16:32Z logger.go:66:                   + tolerations                   = (known after apply)
TestTerraformConfluentPlatformExample 2022-08-01T19:16:32Z logger.go:66:                   + topologySpreadConstraints     = (known after apply)
TestTerraformConfluentPlatformExample 2022-08-01T19:16:32Z logger.go:66:                 }
TestTerraformConfluentPlatformExample 2022-08-01T19:16:32Z logger.go:66:               + rackAssignment     = {
TestTerraformConfluentPlatformExample 2022-08-01T19:16:32Z logger.go:66:                   + availabilityZoneCount = (known after apply)
TestTerraformConfluentPlatformExample 2022-08-01T19:16:32Z logger.go:66:                   + nodeLabels            = (known after apply)
TestTerraformConfluentPlatformExample 2022-08-01T19:16:32Z logger.go:66:                 }
TestTerraformConfluentPlatformExample 2022-08-01T19:16:32Z logger.go:66:               + replicas           = 3
TestTerraformConfluentPlatformExample 2022-08-01T19:16:32Z logger.go:66:               + services           = {
TestTerraformConfluentPlatformExample 2022-08-01T19:16:32Z logger.go:66:                   + kafkaRest = {
TestTerraformConfluentPlatformExample 2022-08-01T19:16:32Z logger.go:66:                       + authentication = {
TestTerraformConfluentPlatformExample 2022-08-01T19:16:32Z logger.go:66:                           + basic = {
TestTerraformConfluentPlatformExample 2022-08-01T19:16:32Z logger.go:66:                               + debug                    = (known after apply)
TestTerraformConfluentPlatformExample 2022-08-01T19:16:32Z logger.go:66:                               + directoryPathInContainer = (known after apply)
TestTerraformConfluentPlatformExample 2022-08-01T19:16:32Z logger.go:66:                               + restrictedRoles          = (known after apply)
TestTerraformConfluentPlatformExample 2022-08-01T19:16:32Z logger.go:66:                               + roles                    = (known after apply)
TestTerraformConfluentPlatformExample 2022-08-01T19:16:32Z logger.go:66:                               + secretRef                = (known after apply)
TestTerraformConfluentPlatformExample 2022-08-01T19:16:32Z logger.go:66:                             }
TestTerraformConfluentPlatformExample 2022-08-01T19:16:32Z logger.go:66:                           + type  = (known after apply)
TestTerraformConfluentPlatformExample 2022-08-01T19:16:32Z logger.go:66:                         }
TestTerraformConfluentPlatformExample 2022-08-01T19:16:32Z logger.go:66:                       + externalAccess = {
TestTerraformConfluentPlatformExample 2022-08-01T19:16:32Z logger.go:66:                           + loadBalancer = {
TestTerraformConfluentPlatformExample 2022-08-01T19:16:32Z logger.go:66:                               + advertisedURL            = {
TestTerraformConfluentPlatformExample 2022-08-01T19:16:32Z logger.go:66:                                   + enabled = (known after apply)
TestTerraformConfluentPlatformExample 2022-08-01T19:16:32Z logger.go:66:                                   + prefix  = (known after apply)
TestTerraformConfluentPlatformExample 2022-08-01T19:16:32Z logger.go:66:                                 }
TestTerraformConfluentPlatformExample 2022-08-01T19:16:32Z logger.go:66:                               + annotations              = (known after apply)
TestTerraformConfluentPlatformExample 2022-08-01T19:16:32Z logger.go:66:                               + domain                   = (known after apply)
TestTerraformConfluentPlatformExample 2022-08-01T19:16:32Z logger.go:66:                               + externalTrafficPolicy    = (known after apply)
TestTerraformConfluentPlatformExample 2022-08-01T19:16:32Z logger.go:66:                               + labels                   = (known after apply)
TestTerraformConfluentPlatformExample 2022-08-01T19:16:32Z logger.go:66:                               + loadBalancerSourceRanges = (known after apply)
TestTerraformConfluentPlatformExample 2022-08-01T19:16:32Z logger.go:66:                               + port                     = (known after apply)
TestTerraformConfluentPlatformExample 2022-08-01T19:16:32Z logger.go:66:                               + prefix                   = (known after apply)
TestTerraformConfluentPlatformExample 2022-08-01T19:16:32Z logger.go:66:                               + servicePorts             = (known after apply)
TestTerraformConfluentPlatformExample 2022-08-01T19:16:32Z logger.go:66:                               + sessionAffinity          = (known after apply)
TestTerraformConfluentPlatformExample 2022-08-01T19:16:32Z logger.go:66:                               + sessionAffinityConfig    = {
TestTerraformConfluentPlatformExample 2022-08-01T19:16:32Z logger.go:66:                                   + clientIP = {
TestTerraformConfluentPlatformExample 2022-08-01T19:16:32Z logger.go:66:                                       + timeoutSeconds = (known after apply)
TestTerraformConfluentPlatformExample 2022-08-01T19:16:32Z logger.go:66:                                     }
TestTerraformConfluentPlatformExample 2022-08-01T19:16:32Z logger.go:66:                                 }
TestTerraformConfluentPlatformExample 2022-08-01T19:16:32Z logger.go:66:                             }
TestTerraformConfluentPlatformExample 2022-08-01T19:16:32Z logger.go:66:                           + nodePort     = {
TestTerraformConfluentPlatformExample 2022-08-01T19:16:32Z logger.go:66:                               + advertisedURL         = {
TestTerraformConfluentPlatformExample 2022-08-01T19:16:32Z logger.go:66:                                   + enabled = (known after apply)
TestTerraformConfluentPlatformExample 2022-08-01T19:16:32Z logger.go:66:                                   + prefix  = (known after apply)
TestTerraformConfluentPlatformExample 2022-08-01T19:16:32Z logger.go:66:                                 }
TestTerraformConfluentPlatformExample 2022-08-01T19:16:32Z logger.go:66:                               + annotations           = (known after apply)
TestTerraformConfluentPlatformExample 2022-08-01T19:16:32Z logger.go:66:                               + externalTrafficPolicy = (known after apply)
TestTerraformConfluentPlatformExample 2022-08-01T19:16:32Z logger.go:66:                               + host                  = (known after apply)
TestTerraformConfluentPlatformExample 2022-08-01T19:16:32Z logger.go:66:                               + labels                = (known after apply)
TestTerraformConfluentPlatformExample 2022-08-01T19:16:32Z logger.go:66:                               + nodePortOffset        = (known after apply)
TestTerraformConfluentPlatformExample 2022-08-01T19:16:32Z logger.go:66:                               + servicePorts          = (known after apply)
TestTerraformConfluentPlatformExample 2022-08-01T19:16:32Z logger.go:66:                               + sessionAffinity       = (known after apply)
TestTerraformConfluentPlatformExample 2022-08-01T19:16:32Z logger.go:66:                               + sessionAffinityConfig = {
TestTerraformConfluentPlatformExample 2022-08-01T19:16:32Z logger.go:66:                                   + clientIP = {
TestTerraformConfluentPlatformExample 2022-08-01T19:16:32Z logger.go:66:                                       + timeoutSeconds = (known after apply)
TestTerraformConfluentPlatformExample 2022-08-01T19:16:32Z logger.go:66:                                     }
TestTerraformConfluentPlatformExample 2022-08-01T19:16:32Z logger.go:66:                                 }
TestTerraformConfluentPlatformExample 2022-08-01T19:16:32Z logger.go:66:                             }
TestTerraformConfluentPlatformExample 2022-08-01T19:16:32Z logger.go:66:                           + route        = {
TestTerraformConfluentPlatformExample 2022-08-01T19:16:32Z logger.go:66:                               + annotations    = (known after apply)
TestTerraformConfluentPlatformExample 2022-08-01T19:16:32Z logger.go:66:                               + domain         = (known after apply)
TestTerraformConfluentPlatformExample 2022-08-01T19:16:32Z logger.go:66:                               + labels         = (known after apply)
TestTerraformConfluentPlatformExample 2022-08-01T19:16:32Z logger.go:66:                               + prefix         = (known after apply)
TestTerraformConfluentPlatformExample 2022-08-01T19:16:32Z logger.go:66:                               + wildcardPolicy = (known after apply)
TestTerraformConfluentPlatformExample 2022-08-01T19:16:32Z logger.go:66:                             }
TestTerraformConfluentPlatformExample 2022-08-01T19:16:32Z logger.go:66:                           + type         = (known after apply)
TestTerraformConfluentPlatformExample 2022-08-01T19:16:32Z logger.go:66:                         }
TestTerraformConfluentPlatformExample 2022-08-01T19:16:32Z logger.go:66:                       + tls            = {
TestTerraformConfluentPlatformExample 2022-08-01T19:16:32Z logger.go:66:                           + directoryPathInContainer = (known after apply)
TestTerraformConfluentPlatformExample 2022-08-01T19:16:32Z logger.go:66:                           + enabled                  = (known after apply)
TestTerraformConfluentPlatformExample 2022-08-01T19:16:32Z logger.go:66:                           + ignoreTrustStoreConfig   = (known after apply)
TestTerraformConfluentPlatformExample 2022-08-01T19:16:32Z logger.go:66:                           + jksPassword              = {
TestTerraformConfluentPlatformExample 2022-08-01T19:16:32Z logger.go:66:                               + secretRef = (known after apply)
TestTerraformConfluentPlatformExample 2022-08-01T19:16:32Z logger.go:66:                             }
TestTerraformConfluentPlatformExample 2022-08-01T19:16:32Z logger.go:66:                           + secretRef                = (known after apply)
TestTerraformConfluentPlatformExample 2022-08-01T19:16:32Z logger.go:66:                         }
TestTerraformConfluentPlatformExample 2022-08-01T19:16:32Z logger.go:66:                     }
TestTerraformConfluentPlatformExample 2022-08-01T19:16:32Z logger.go:66:                   + mds       = {
TestTerraformConfluentPlatformExample 2022-08-01T19:16:32Z logger.go:66:                       + authentication = {
TestTerraformConfluentPlatformExample 2022-08-01T19:16:32Z logger.go:66:                           + type = (known after apply)
TestTerraformConfluentPlatformExample 2022-08-01T19:16:32Z logger.go:66:                         }
TestTerraformConfluentPlatformExample 2022-08-01T19:16:32Z logger.go:66:                       + externalAccess = {
TestTerraformConfluentPlatformExample 2022-08-01T19:16:32Z logger.go:66:                           + loadBalancer = {
TestTerraformConfluentPlatformExample 2022-08-01T19:16:32Z logger.go:66:                               + advertisedURL            = {
TestTerraformConfluentPlatformExample 2022-08-01T19:16:32Z logger.go:66:                                   + enabled = (known after apply)
TestTerraformConfluentPlatformExample 2022-08-01T19:16:32Z logger.go:66:                                   + prefix  = (known after apply)
TestTerraformConfluentPlatformExample 2022-08-01T19:16:32Z logger.go:66:                                 }
TestTerraformConfluentPlatformExample 2022-08-01T19:16:32Z logger.go:66:                               + annotations              = (known after apply)
TestTerraformConfluentPlatformExample 2022-08-01T19:16:32Z logger.go:66:                               + domain                   = (known after apply)
TestTerraformConfluentPlatformExample 2022-08-01T19:16:32Z logger.go:66:                               + externalTrafficPolicy    = (known after apply)
TestTerraformConfluentPlatformExample 2022-08-01T19:16:32Z logger.go:66:                               + labels                   = (known after apply)
TestTerraformConfluentPlatformExample 2022-08-01T19:16:32Z logger.go:66:                               + loadBalancerSourceRanges = (known after apply)
TestTerraformConfluentPlatformExample 2022-08-01T19:16:32Z logger.go:66:                               + port                     = (known after apply)
TestTerraformConfluentPlatformExample 2022-08-01T19:16:32Z logger.go:66:                               + prefix                   = (known after apply)
TestTerraformConfluentPlatformExample 2022-08-01T19:16:32Z logger.go:66:                               + servicePorts             = (known after apply)
TestTerraformConfluentPlatformExample 2022-08-01T19:16:32Z logger.go:66:                               + sessionAffinity          = (known after apply)
TestTerraformConfluentPlatformExample 2022-08-01T19:16:32Z logger.go:66:                               + sessionAffinityConfig    = {
TestTerraformConfluentPlatformExample 2022-08-01T19:16:32Z logger.go:66:                                   + clientIP = {
TestTerraformConfluentPlatformExample 2022-08-01T19:16:32Z logger.go:66:                                       + timeoutSeconds = (known after apply)
TestTerraformConfluentPlatformExample 2022-08-01T19:16:32Z logger.go:66:                                     }
TestTerraformConfluentPlatformExample 2022-08-01T19:16:32Z logger.go:66:                                 }
TestTerraformConfluentPlatformExample 2022-08-01T19:16:32Z logger.go:66:                             }
TestTerraformConfluentPlatformExample 2022-08-01T19:16:32Z logger.go:66:                           + nodePort     = {
TestTerraformConfluentPlatformExample 2022-08-01T19:16:32Z logger.go:66:                               + advertisedURL         = {
TestTerraformConfluentPlatformExample 2022-08-01T19:16:32Z logger.go:66:                                   + enabled = (known after apply)
TestTerraformConfluentPlatformExample 2022-08-01T19:16:32Z logger.go:66:                                   + prefix  = (known after apply)
TestTerraformConfluentPlatformExample 2022-08-01T19:16:32Z logger.go:66:                                 }
TestTerraformConfluentPlatformExample 2022-08-01T19:16:32Z logger.go:66:                               + annotations           = (known after apply)
TestTerraformConfluentPlatformExample 2022-08-01T19:16:32Z logger.go:66:                               + externalTrafficPolicy = (known after apply)
TestTerraformConfluentPlatformExample 2022-08-01T19:16:32Z logger.go:66:                               + host                  = (known after apply)
TestTerraformConfluentPlatformExample 2022-08-01T19:16:32Z logger.go:66:                               + labels                = (known after apply)
TestTerraformConfluentPlatformExample 2022-08-01T19:16:32Z logger.go:66:                               + nodePortOffset        = (known after apply)
TestTerraformConfluentPlatformExample 2022-08-01T19:16:32Z logger.go:66:                               + servicePorts          = (known after apply)
TestTerraformConfluentPlatformExample 2022-08-01T19:16:32Z logger.go:66:                               + sessionAffinity       = (known after apply)
TestTerraformConfluentPlatformExample 2022-08-01T19:16:32Z logger.go:66:                               + sessionAffinityConfig = {
TestTerraformConfluentPlatformExample 2022-08-01T19:16:32Z logger.go:66:                                   + clientIP = {
TestTerraformConfluentPlatformExample 2022-08-01T19:16:32Z logger.go:66:                                       + timeoutSeconds = (known after apply)
TestTerraformConfluentPlatformExample 2022-08-01T19:16:32Z logger.go:66:                                     }
TestTerraformConfluentPlatformExample 2022-08-01T19:16:32Z logger.go:66:                                 }
TestTerraformConfluentPlatformExample 2022-08-01T19:16:32Z logger.go:66:                             }
TestTerraformConfluentPlatformExample 2022-08-01T19:16:32Z logger.go:66:                           + route        = {
TestTerraformConfluentPlatformExample 2022-08-01T19:16:32Z logger.go:66:                               + annotations    = (known after apply)
TestTerraformConfluentPlatformExample 2022-08-01T19:16:32Z logger.go:66:                               + domain         = (known after apply)
TestTerraformConfluentPlatformExample 2022-08-01T19:16:32Z logger.go:66:                               + labels         = (known after apply)
TestTerraformConfluentPlatformExample 2022-08-01T19:16:32Z logger.go:66:                               + prefix         = (known after apply)
TestTerraformConfluentPlatformExample 2022-08-01T19:16:32Z logger.go:66:                               + wildcardPolicy = (known after apply)
TestTerraformConfluentPlatformExample 2022-08-01T19:16:32Z logger.go:66:                             }
TestTerraformConfluentPlatformExample 2022-08-01T19:16:32Z logger.go:66:                           + type         = (known after apply)
TestTerraformConfluentPlatformExample 2022-08-01T19:16:32Z logger.go:66:                         }
TestTerraformConfluentPlatformExample 2022-08-01T19:16:32Z logger.go:66:                       + provider       = {
TestTerraformConfluentPlatformExample 2022-08-01T19:16:32Z logger.go:66:                           + ldap = {
TestTerraformConfluentPlatformExample 2022-08-01T19:16:32Z logger.go:66:                               + address        = (known after apply)
TestTerraformConfluentPlatformExample 2022-08-01T19:16:32Z logger.go:66:                               + authentication = {
TestTerraformConfluentPlatformExample 2022-08-01T19:16:32Z logger.go:66:                                   + simple = {
TestTerraformConfluentPlatformExample 2022-08-01T19:16:32Z logger.go:66:                                       + directoryPathInContainer = (known after apply)
TestTerraformConfluentPlatformExample 2022-08-01T19:16:32Z logger.go:66:                                       + secretRef                = (known after apply)
TestTerraformConfluentPlatformExample 2022-08-01T19:16:32Z logger.go:66:                                     }
TestTerraformConfluentPlatformExample 2022-08-01T19:16:32Z logger.go:66:                                   + type   = (known after apply)
TestTerraformConfluentPlatformExample 2022-08-01T19:16:32Z logger.go:66:                                 }
TestTerraformConfluentPlatformExample 2022-08-01T19:16:32Z logger.go:66:                               + configurations = {
TestTerraformConfluentPlatformExample 2022-08-01T19:16:32Z logger.go:66:                                   + groupMemberAttribute         = (known after apply)
TestTerraformConfluentPlatformExample 2022-08-01T19:16:32Z logger.go:66:                                   + groupMemberAttributePattern  = (known after apply)
TestTerraformConfluentPlatformExample 2022-08-01T19:16:32Z logger.go:66:                                   + groupNameAttribute           = (known after apply)
TestTerraformConfluentPlatformExample 2022-08-01T19:16:32Z logger.go:66:                                   + groupObjectClass             = (known after apply)
TestTerraformConfluentPlatformExample 2022-08-01T19:16:32Z logger.go:66:                                   + groupSearchBase              = (known after apply)
TestTerraformConfluentPlatformExample 2022-08-01T19:16:32Z logger.go:66:                                   + groupSearchFilter            = (known after apply)
TestTerraformConfluentPlatformExample 2022-08-01T19:16:32Z logger.go:66:                                   + groupSearchScope             = (known after apply)
TestTerraformConfluentPlatformExample 2022-08-01T19:16:32Z logger.go:66:                                   + userMemberOfAttributePattern = (known after apply)
TestTerraformConfluentPlatformExample 2022-08-01T19:16:32Z logger.go:66:                                   + userNameAttribute            = (known after apply)
TestTerraformConfluentPlatformExample 2022-08-01T19:16:32Z logger.go:66:                                   + userObjectClass              = (known after apply)
TestTerraformConfluentPlatformExample 2022-08-01T19:16:32Z logger.go:66:                                   + userSearchBase               = (known after apply)
TestTerraformConfluentPlatformExample 2022-08-01T19:16:32Z logger.go:66:                                   + userSearchFilter             = (known after apply)
TestTerraformConfluentPlatformExample 2022-08-01T19:16:32Z logger.go:66:                                   + userSearchScope              = (known after apply)
TestTerraformConfluentPlatformExample 2022-08-01T19:16:32Z logger.go:66:                                 }
TestTerraformConfluentPlatformExample 2022-08-01T19:16:32Z logger.go:66:                               + tls            = {
TestTerraformConfluentPlatformExample 2022-08-01T19:16:32Z logger.go:66:                                   + directoryPathInContainer = (known after apply)
TestTerraformConfluentPlatformExample 2022-08-01T19:16:32Z logger.go:66:                                   + enabled                  = (known after apply)
TestTerraformConfluentPlatformExample 2022-08-01T19:16:32Z logger.go:66:                                   + ignoreTrustStoreConfig   = (known after apply)
TestTerraformConfluentPlatformExample 2022-08-01T19:16:32Z logger.go:66:                                   + jksPassword              = {
TestTerraformConfluentPlatformExample 2022-08-01T19:16:32Z logger.go:66:                                       + secretRef = (known after apply)
TestTerraformConfluentPlatformExample 2022-08-01T19:16:32Z logger.go:66:                                     }
TestTerraformConfluentPlatformExample 2022-08-01T19:16:32Z logger.go:66:                                   + secretRef                = (known after apply)
TestTerraformConfluentPlatformExample 2022-08-01T19:16:32Z logger.go:66:                                 }
TestTerraformConfluentPlatformExample 2022-08-01T19:16:32Z logger.go:66:                             }
TestTerraformConfluentPlatformExample 2022-08-01T19:16:32Z logger.go:66:                           + type = (known after apply)
TestTerraformConfluentPlatformExample 2022-08-01T19:16:32Z logger.go:66:                         }
TestTerraformConfluentPlatformExample 2022-08-01T19:16:32Z logger.go:66:                       + tls            = {
TestTerraformConfluentPlatformExample 2022-08-01T19:16:32Z logger.go:66:                           + directoryPathInContainer = (known after apply)
TestTerraformConfluentPlatformExample 2022-08-01T19:16:32Z logger.go:66:                           + enabled                  = (known after apply)
TestTerraformConfluentPlatformExample 2022-08-01T19:16:32Z logger.go:66:                           + ignoreTrustStoreConfig   = (known after apply)
TestTerraformConfluentPlatformExample 2022-08-01T19:16:32Z logger.go:66:                           + jksPassword              = {
TestTerraformConfluentPlatformExample 2022-08-01T19:16:32Z logger.go:66:                               + secretRef = (known after apply)
TestTerraformConfluentPlatformExample 2022-08-01T19:16:32Z logger.go:66:                             }
TestTerraformConfluentPlatformExample 2022-08-01T19:16:32Z logger.go:66:                           + secretRef                = (known after apply)
TestTerraformConfluentPlatformExample 2022-08-01T19:16:32Z logger.go:66:                         }
TestTerraformConfluentPlatformExample 2022-08-01T19:16:32Z logger.go:66:                       + tokenKeyPair   = {
TestTerraformConfluentPlatformExample 2022-08-01T19:16:32Z logger.go:66:                           + directoryPathInContainer = (known after apply)
TestTerraformConfluentPlatformExample 2022-08-01T19:16:32Z logger.go:66:                           + secretRef                = (known after apply)
TestTerraformConfluentPlatformExample 2022-08-01T19:16:32Z logger.go:66:                         }
TestTerraformConfluentPlatformExample 2022-08-01T19:16:32Z logger.go:66:                     }
TestTerraformConfluentPlatformExample 2022-08-01T19:16:32Z logger.go:66:                 }
TestTerraformConfluentPlatformExample 2022-08-01T19:16:32Z logger.go:66:               + storageClass       = {
TestTerraformConfluentPlatformExample 2022-08-01T19:16:32Z logger.go:66:                   + name = (known after apply)
TestTerraformConfluentPlatformExample 2022-08-01T19:16:32Z logger.go:66:                 }
TestTerraformConfluentPlatformExample 2022-08-01T19:16:32Z logger.go:66:               + telemetry          = {
TestTerraformConfluentPlatformExample 2022-08-01T19:16:32Z logger.go:66:                   + global = (known after apply)
TestTerraformConfluentPlatformExample 2022-08-01T19:16:32Z logger.go:66:                 }
TestTerraformConfluentPlatformExample 2022-08-01T19:16:32Z logger.go:66:               + tls                = {
TestTerraformConfluentPlatformExample 2022-08-01T19:16:32Z logger.go:66:                   + autoGeneratedCerts       = (known after apply)
TestTerraformConfluentPlatformExample 2022-08-01T19:16:32Z logger.go:66:                   + directoryPathInContainer = (known after apply)
TestTerraformConfluentPlatformExample 2022-08-01T19:16:32Z logger.go:66:                   + ignoreTrustStoreConfig   = (known after apply)
TestTerraformConfluentPlatformExample 2022-08-01T19:16:32Z logger.go:66:                   + jksPassword              = {
TestTerraformConfluentPlatformExample 2022-08-01T19:16:32Z logger.go:66:                       + secretRef = (known after apply)
TestTerraformConfluentPlatformExample 2022-08-01T19:16:32Z logger.go:66:                     }
TestTerraformConfluentPlatformExample 2022-08-01T19:16:32Z logger.go:66:                   + secretRef                = (known after apply)
TestTerraformConfluentPlatformExample 2022-08-01T19:16:32Z logger.go:66:                 }
TestTerraformConfluentPlatformExample 2022-08-01T19:16:32Z logger.go:66:             }
TestTerraformConfluentPlatformExample 2022-08-01T19:16:32Z logger.go:66:         }
TestTerraformConfluentPlatformExample 2022-08-01T19:16:32Z logger.go:66:
TestTerraformConfluentPlatformExample 2022-08-01T19:16:32Z logger.go:66:       + timeouts {
TestTerraformConfluentPlatformExample 2022-08-01T19:16:32Z logger.go:66:           + create = "1h"
TestTerraformConfluentPlatformExample 2022-08-01T19:16:32Z logger.go:66:           + delete = "10m"
TestTerraformConfluentPlatformExample 2022-08-01T19:16:32Z logger.go:66:           + update = "1h"
TestTerraformConfluentPlatformExample 2022-08-01T19:16:32Z logger.go:66:         }
TestTerraformConfluentPlatformExample 2022-08-01T19:16:32Z logger.go:66:
TestTerraformConfluentPlatformExample 2022-08-01T19:16:32Z logger.go:66:       + wait {
TestTerraformConfluentPlatformExample 2022-08-01T19:16:32Z logger.go:66:           + fields = {
TestTerraformConfluentPlatformExample 2022-08-01T19:16:32Z logger.go:66:               + "status.phase" = "RUNNING"
TestTerraformConfluentPlatformExample 2022-08-01T19:16:32Z logger.go:66:             }
TestTerraformConfluentPlatformExample 2022-08-01T19:16:32Z logger.go:66:         }
TestTerraformConfluentPlatformExample 2022-08-01T19:16:32Z logger.go:66:     }
TestTerraformConfluentPlatformExample 2022-08-01T19:16:32Z logger.go:66:
TestTerraformConfluentPlatformExample 2022-08-01T19:16:32Z logger.go:66:   # module.confluent_platform.kubernetes_manifest.components["kafkarestproxy"] will be created
TestTerraformConfluentPlatformExample 2022-08-01T19:16:32Z logger.go:66:   + resource "kubernetes_manifest" "components" {
TestTerraformConfluentPlatformExample 2022-08-01T19:16:32Z logger.go:66:       + computed_fields = [
TestTerraformConfluentPlatformExample 2022-08-01T19:16:32Z logger.go:66:           + "metadata.finalizers",
TestTerraformConfluentPlatformExample 2022-08-01T19:16:32Z logger.go:66:         ]
TestTerraformConfluentPlatformExample 2022-08-01T19:16:32Z logger.go:66:       + manifest        = {
TestTerraformConfluentPlatformExample 2022-08-01T19:16:32Z logger.go:66:           + apiVersion = "platform.confluent.io/v1beta1"
TestTerraformConfluentPlatformExample 2022-08-01T19:16:32Z logger.go:66:           + kind       = "KafkaRestProxy"
TestTerraformConfluentPlatformExample 2022-08-01T19:16:32Z logger.go:66:           + metadata   = {
TestTerraformConfluentPlatformExample 2022-08-01T19:16:32Z logger.go:66:               + name      = "kafkarestproxy"
TestTerraformConfluentPlatformExample 2022-08-01T19:16:32Z logger.go:66:               + namespace = "confluent"
TestTerraformConfluentPlatformExample 2022-08-01T19:16:32Z logger.go:66:             }
TestTerraformConfluentPlatformExample 2022-08-01T19:16:32Z logger.go:66:           + spec       = {
TestTerraformConfluentPlatformExample 2022-08-01T19:16:32Z logger.go:66:               + dependencies = {
TestTerraformConfluentPlatformExample 2022-08-01T19:16:32Z logger.go:66:                   + schemaRegistry = {
TestTerraformConfluentPlatformExample 2022-08-01T19:16:32Z logger.go:66:                       + url = "http://schemaregistry.confluent.svc.cluster.local:8081"
TestTerraformConfluentPlatformExample 2022-08-01T19:16:32Z logger.go:66:                     }
TestTerraformConfluentPlatformExample 2022-08-01T19:16:32Z logger.go:66:                 }
TestTerraformConfluentPlatformExample 2022-08-01T19:16:32Z logger.go:66:               + image        = {
TestTerraformConfluentPlatformExample 2022-08-01T19:16:32Z logger.go:66:                   + application = "confluentinc/cp-kafka-rest:7.2.0"
TestTerraformConfluentPlatformExample 2022-08-01T19:16:32Z logger.go:66:                   + init        = "confluentinc/confluent-init-container:2.4.0"
TestTerraformConfluentPlatformExample 2022-08-01T19:16:32Z logger.go:66:                 }
TestTerraformConfluentPlatformExample 2022-08-01T19:16:32Z logger.go:66:               + replicas     = 1
TestTerraformConfluentPlatformExample 2022-08-01T19:16:32Z logger.go:66:             }
TestTerraformConfluentPlatformExample 2022-08-01T19:16:32Z logger.go:66:         }
TestTerraformConfluentPlatformExample 2022-08-01T19:16:32Z logger.go:66:       + object          = {
TestTerraformConfluentPlatformExample 2022-08-01T19:16:32Z logger.go:66:           + apiVersion = "platform.confluent.io/v1beta1"
TestTerraformConfluentPlatformExample 2022-08-01T19:16:32Z logger.go:66:           + kind       = "KafkaRestProxy"
TestTerraformConfluentPlatformExample 2022-08-01T19:16:32Z logger.go:66:           + metadata   = {
TestTerraformConfluentPlatformExample 2022-08-01T19:16:32Z logger.go:66:               + annotations                = (known after apply)
TestTerraformConfluentPlatformExample 2022-08-01T19:16:32Z logger.go:66:               + clusterName                = (known after apply)
TestTerraformConfluentPlatformExample 2022-08-01T19:16:32Z logger.go:66:               + creationTimestamp          = (known after apply)
TestTerraformConfluentPlatformExample 2022-08-01T19:16:32Z logger.go:66:               + deletionGracePeriodSeconds = (known after apply)
TestTerraformConfluentPlatformExample 2022-08-01T19:16:32Z logger.go:66:               + deletionTimestamp          = (known after apply)
TestTerraformConfluentPlatformExample 2022-08-01T19:16:32Z logger.go:66:               + finalizers                 = (known after apply)
TestTerraformConfluentPlatformExample 2022-08-01T19:16:32Z logger.go:66:               + generateName               = (known after apply)
TestTerraformConfluentPlatformExample 2022-08-01T19:16:32Z logger.go:66:               + generation                 = (known after apply)
TestTerraformConfluentPlatformExample 2022-08-01T19:16:32Z logger.go:66:               + labels                     = (known after apply)
TestTerraformConfluentPlatformExample 2022-08-01T19:16:32Z logger.go:66:               + managedFields              = (known after apply)
TestTerraformConfluentPlatformExample 2022-08-01T19:16:32Z logger.go:66:               + name                       = "kafkarestproxy"
TestTerraformConfluentPlatformExample 2022-08-01T19:16:32Z logger.go:66:               + namespace                  = "confluent"
TestTerraformConfluentPlatformExample 2022-08-01T19:16:32Z logger.go:66:               + ownerReferences            = (known after apply)
TestTerraformConfluentPlatformExample 2022-08-01T19:16:32Z logger.go:66:               + resourceVersion            = (known after apply)
TestTerraformConfluentPlatformExample 2022-08-01T19:16:32Z logger.go:66:               + selfLink                   = (known after apply)
TestTerraformConfluentPlatformExample 2022-08-01T19:16:32Z logger.go:66:               + uid                        = (known after apply)
TestTerraformConfluentPlatformExample 2022-08-01T19:16:32Z logger.go:66:             }
TestTerraformConfluentPlatformExample 2022-08-01T19:16:32Z logger.go:66:           + spec       = {
TestTerraformConfluentPlatformExample 2022-08-01T19:16:32Z logger.go:66:               + authentication    = {
TestTerraformConfluentPlatformExample 2022-08-01T19:16:32Z logger.go:66:                   + basic = {
TestTerraformConfluentPlatformExample 2022-08-01T19:16:32Z logger.go:66:                       + debug                    = (known after apply)
TestTerraformConfluentPlatformExample 2022-08-01T19:16:32Z logger.go:66:                       + directoryPathInContainer = (known after apply)
TestTerraformConfluentPlatformExample 2022-08-01T19:16:32Z logger.go:66:                       + restrictedRoles          = (known after apply)
TestTerraformConfluentPlatformExample 2022-08-01T19:16:32Z logger.go:66:                       + roles                    = (known after apply)
TestTerraformConfluentPlatformExample 2022-08-01T19:16:32Z logger.go:66:                       + secretRef                = (known after apply)
TestTerraformConfluentPlatformExample 2022-08-01T19:16:32Z logger.go:66:                     }
TestTerraformConfluentPlatformExample 2022-08-01T19:16:32Z logger.go:66:                   + type  = (known after apply)
TestTerraformConfluentPlatformExample 2022-08-01T19:16:32Z logger.go:66:                 }
TestTerraformConfluentPlatformExample 2022-08-01T19:16:32Z logger.go:66:               + authorization     = {
TestTerraformConfluentPlatformExample 2022-08-01T19:16:32Z logger.go:66:                   + kafkaRestClassRef = {
TestTerraformConfluentPlatformExample 2022-08-01T19:16:32Z logger.go:66:                       + name      = (known after apply)
TestTerraformConfluentPlatformExample 2022-08-01T19:16:32Z logger.go:66:                       + namespace = (known after apply)
TestTerraformConfluentPlatformExample 2022-08-01T19:16:32Z logger.go:66:                     }
TestTerraformConfluentPlatformExample 2022-08-01T19:16:32Z logger.go:66:                   + type              = (known after apply)
TestTerraformConfluentPlatformExample 2022-08-01T19:16:32Z logger.go:66:                 }
TestTerraformConfluentPlatformExample 2022-08-01T19:16:32Z logger.go:66:               + configOverrides   = {
TestTerraformConfluentPlatformExample 2022-08-01T19:16:32Z logger.go:66:                   + jvm    = (known after apply)
TestTerraformConfluentPlatformExample 2022-08-01T19:16:32Z logger.go:66:                   + log4j  = (known after apply)
TestTerraformConfluentPlatformExample 2022-08-01T19:16:32Z logger.go:66:                   + server = (known after apply)
TestTerraformConfluentPlatformExample 2022-08-01T19:16:32Z logger.go:66:                 }
TestTerraformConfluentPlatformExample 2022-08-01T19:16:32Z logger.go:66:               + dependencies      = {
TestTerraformConfluentPlatformExample 2022-08-01T19:16:32Z logger.go:66:                   + interceptor    = {
TestTerraformConfluentPlatformExample 2022-08-01T19:16:32Z logger.go:66:                       + configs   = (known after apply)
TestTerraformConfluentPlatformExample 2022-08-01T19:16:32Z logger.go:66:                       + consumer  = {
TestTerraformConfluentPlatformExample 2022-08-01T19:16:32Z logger.go:66:                           + authentication    = {
TestTerraformConfluentPlatformExample 2022-08-01T19:16:32Z logger.go:66:                               + jaasConfig            = {
TestTerraformConfluentPlatformExample 2022-08-01T19:16:32Z logger.go:66:                                   + secretRef = (known after apply)
TestTerraformConfluentPlatformExample 2022-08-01T19:16:32Z logger.go:66:                                 }
TestTerraformConfluentPlatformExample 2022-08-01T19:16:32Z logger.go:66:                               + jaasConfigPassThrough = {
TestTerraformConfluentPlatformExample 2022-08-01T19:16:32Z logger.go:66:                                   + directoryPathInContainer = (known after apply)
TestTerraformConfluentPlatformExample 2022-08-01T19:16:32Z logger.go:66:                                   + secretRef                = (known after apply)
TestTerraformConfluentPlatformExample 2022-08-01T19:16:32Z logger.go:66:                                 }
TestTerraformConfluentPlatformExample 2022-08-01T19:16:32Z logger.go:66:                               + oauthbearer           = {
TestTerraformConfluentPlatformExample 2022-08-01T19:16:32Z logger.go:66:                                   + directoryPathInContainer = (known after apply)
TestTerraformConfluentPlatformExample 2022-08-01T19:16:32Z logger.go:66:                                   + secretRef                = (known after apply)
TestTerraformConfluentPlatformExample 2022-08-01T19:16:32Z logger.go:66:                                 }
TestTerraformConfluentPlatformExample 2022-08-01T19:16:32Z logger.go:66:                               + type                  = (known after apply)
TestTerraformConfluentPlatformExample 2022-08-01T19:16:32Z logger.go:66:                             }
TestTerraformConfluentPlatformExample 2022-08-01T19:16:32Z logger.go:66:                           + bootstrapEndpoint = (known after apply)
TestTerraformConfluentPlatformExample 2022-08-01T19:16:32Z logger.go:66:                           + discovery         = {
TestTerraformConfluentPlatformExample 2022-08-01T19:16:32Z logger.go:66:                               + name      = (known after apply)
TestTerraformConfluentPlatformExample 2022-08-01T19:16:32Z logger.go:66:                               + namespace = (known after apply)
TestTerraformConfluentPlatformExample 2022-08-01T19:16:32Z logger.go:66:                               + secretRef = (known after apply)
TestTerraformConfluentPlatformExample 2022-08-01T19:16:32Z logger.go:66:                             }
TestTerraformConfluentPlatformExample 2022-08-01T19:16:32Z logger.go:66:                           + tls               = {
TestTerraformConfluentPlatformExample 2022-08-01T19:16:32Z logger.go:66:                               + directoryPathInContainer = (known after apply)
TestTerraformConfluentPlatformExample 2022-08-01T19:16:32Z logger.go:66:                               + enabled                  = (known after apply)
TestTerraformConfluentPlatformExample 2022-08-01T19:16:32Z logger.go:66:                               + ignoreTrustStoreConfig   = (known after apply)
TestTerraformConfluentPlatformExample 2022-08-01T19:16:32Z logger.go:66:                               + jksPassword              = {
TestTerraformConfluentPlatformExample 2022-08-01T19:16:32Z logger.go:66:                                   + secretRef = (known after apply)
TestTerraformConfluentPlatformExample 2022-08-01T19:16:32Z logger.go:66:                                 }
TestTerraformConfluentPlatformExample 2022-08-01T19:16:32Z logger.go:66:                               + secretRef                = (known after apply)
TestTerraformConfluentPlatformExample 2022-08-01T19:16:32Z logger.go:66:                             }
TestTerraformConfluentPlatformExample 2022-08-01T19:16:32Z logger.go:66:                         }
TestTerraformConfluentPlatformExample 2022-08-01T19:16:32Z logger.go:66:                       + enabled   = (known after apply)
TestTerraformConfluentPlatformExample 2022-08-01T19:16:32Z logger.go:66:                       + producer  = {
TestTerraformConfluentPlatformExample 2022-08-01T19:16:32Z logger.go:66:                           + authentication    = {
TestTerraformConfluentPlatformExample 2022-08-01T19:16:32Z logger.go:66:                               + jaasConfig            = {
TestTerraformConfluentPlatformExample 2022-08-01T19:16:32Z logger.go:66:                                   + secretRef = (known after apply)
TestTerraformConfluentPlatformExample 2022-08-01T19:16:32Z logger.go:66:                                 }
TestTerraformConfluentPlatformExample 2022-08-01T19:16:32Z logger.go:66:                               + jaasConfigPassThrough = {
TestTerraformConfluentPlatformExample 2022-08-01T19:16:32Z logger.go:66:                                   + directoryPathInContainer = (known after apply)
TestTerraformConfluentPlatformExample 2022-08-01T19:16:32Z logger.go:66:                                   + secretRef                = (known after apply)
TestTerraformConfluentPlatformExample 2022-08-01T19:16:32Z logger.go:66:                                 }
TestTerraformConfluentPlatformExample 2022-08-01T19:16:32Z logger.go:66:                               + oauthbearer           = {
TestTerraformConfluentPlatformExample 2022-08-01T19:16:32Z logger.go:66:                                   + directoryPathInContainer = (known after apply)
TestTerraformConfluentPlatformExample 2022-08-01T19:16:32Z logger.go:66:                                   + secretRef                = (known after apply)
TestTerraformConfluentPlatformExample 2022-08-01T19:16:32Z logger.go:66:                                 }
TestTerraformConfluentPlatformExample 2022-08-01T19:16:32Z logger.go:66:                               + type                  = (known after apply)
TestTerraformConfluentPlatformExample 2022-08-01T19:16:32Z logger.go:66:                             }
TestTerraformConfluentPlatformExample 2022-08-01T19:16:32Z logger.go:66:                           + bootstrapEndpoint = (known after apply)
TestTerraformConfluentPlatformExample 2022-08-01T19:16:32Z logger.go:66:                           + discovery         = {
TestTerraformConfluentPlatformExample 2022-08-01T19:16:32Z logger.go:66:                               + name      = (known after apply)
TestTerraformConfluentPlatformExample 2022-08-01T19:16:32Z logger.go:66:                               + namespace = (known after apply)
TestTerraformConfluentPlatformExample 2022-08-01T19:16:32Z logger.go:66:                               + secretRef = (known after apply)
TestTerraformConfluentPlatformExample 2022-08-01T19:16:32Z logger.go:66:                             }
TestTerraformConfluentPlatformExample 2022-08-01T19:16:32Z logger.go:66:                           + tls               = {
TestTerraformConfluentPlatformExample 2022-08-01T19:16:32Z logger.go:66:                               + directoryPathInContainer = (known after apply)
TestTerraformConfluentPlatformExample 2022-08-01T19:16:32Z logger.go:66:                               + enabled                  = (known after apply)
TestTerraformConfluentPlatformExample 2022-08-01T19:16:32Z logger.go:66:                               + ignoreTrustStoreConfig   = (known after apply)
TestTerraformConfluentPlatformExample 2022-08-01T19:16:32Z logger.go:66:                               + jksPassword              = {
TestTerraformConfluentPlatformExample 2022-08-01T19:16:32Z logger.go:66:                                   + secretRef = (known after apply)
TestTerraformConfluentPlatformExample 2022-08-01T19:16:32Z logger.go:66:                                 }
TestTerraformConfluentPlatformExample 2022-08-01T19:16:32Z logger.go:66:                               + secretRef                = (known after apply)
TestTerraformConfluentPlatformExample 2022-08-01T19:16:32Z logger.go:66:                             }
TestTerraformConfluentPlatformExample 2022-08-01T19:16:32Z logger.go:66:                         }
TestTerraformConfluentPlatformExample 2022-08-01T19:16:32Z logger.go:66:                       + publishMs = (known after apply)
TestTerraformConfluentPlatformExample 2022-08-01T19:16:32Z logger.go:66:                     }
TestTerraformConfluentPlatformExample 2022-08-01T19:16:32Z logger.go:66:                   + kafka          = {
TestTerraformConfluentPlatformExample 2022-08-01T19:16:32Z logger.go:66:                       + authentication    = {
TestTerraformConfluentPlatformExample 2022-08-01T19:16:32Z logger.go:66:                           + jaasConfig            = {
TestTerraformConfluentPlatformExample 2022-08-01T19:16:32Z logger.go:66:                               + secretRef = (known after apply)
TestTerraformConfluentPlatformExample 2022-08-01T19:16:32Z logger.go:66:                             }
TestTerraformConfluentPlatformExample 2022-08-01T19:16:32Z logger.go:66:                           + jaasConfigPassThrough = {
TestTerraformConfluentPlatformExample 2022-08-01T19:16:32Z logger.go:66:                               + directoryPathInContainer = (known after apply)
TestTerraformConfluentPlatformExample 2022-08-01T19:16:32Z logger.go:66:                               + secretRef                = (known after apply)
TestTerraformConfluentPlatformExample 2022-08-01T19:16:32Z logger.go:66:                             }
TestTerraformConfluentPlatformExample 2022-08-01T19:16:32Z logger.go:66:                           + oauthbearer           = {
TestTerraformConfluentPlatformExample 2022-08-01T19:16:32Z logger.go:66:                               + directoryPathInContainer = (known after apply)
TestTerraformConfluentPlatformExample 2022-08-01T19:16:32Z logger.go:66:                               + secretRef                = (known after apply)
TestTerraformConfluentPlatformExample 2022-08-01T19:16:32Z logger.go:66:                             }
TestTerraformConfluentPlatformExample 2022-08-01T19:16:32Z logger.go:66:                           + type                  = (known after apply)
TestTerraformConfluentPlatformExample 2022-08-01T19:16:32Z logger.go:66:                         }
TestTerraformConfluentPlatformExample 2022-08-01T19:16:32Z logger.go:66:                       + bootstrapEndpoint = (known after apply)
TestTerraformConfluentPlatformExample 2022-08-01T19:16:32Z logger.go:66:                       + discovery         = {
TestTerraformConfluentPlatformExample 2022-08-01T19:16:32Z logger.go:66:                           + name      = (known after apply)
TestTerraformConfluentPlatformExample 2022-08-01T19:16:32Z logger.go:66:                           + namespace = (known after apply)
TestTerraformConfluentPlatformExample 2022-08-01T19:16:32Z logger.go:66:                           + secretRef = (known after apply)
TestTerraformConfluentPlatformExample 2022-08-01T19:16:32Z logger.go:66:                         }
TestTerraformConfluentPlatformExample 2022-08-01T19:16:32Z logger.go:66:                       + tls               = {
TestTerraformConfluentPlatformExample 2022-08-01T19:16:32Z logger.go:66:                           + directoryPathInContainer = (known after apply)
TestTerraformConfluentPlatformExample 2022-08-01T19:16:32Z logger.go:66:                           + enabled                  = (known after apply)
TestTerraformConfluentPlatformExample 2022-08-01T19:16:32Z logger.go:66:                           + ignoreTrustStoreConfig   = (known after apply)
TestTerraformConfluentPlatformExample 2022-08-01T19:16:32Z logger.go:66:                           + jksPassword              = {
TestTerraformConfluentPlatformExample 2022-08-01T19:16:32Z logger.go:66:                               + secretRef = (known after apply)
TestTerraformConfluentPlatformExample 2022-08-01T19:16:32Z logger.go:66:                             }
TestTerraformConfluentPlatformExample 2022-08-01T19:16:32Z logger.go:66:                           + secretRef                = (known after apply)
TestTerraformConfluentPlatformExample 2022-08-01T19:16:32Z logger.go:66:                         }
TestTerraformConfluentPlatformExample 2022-08-01T19:16:32Z logger.go:66:                     }
TestTerraformConfluentPlatformExample 2022-08-01T19:16:32Z logger.go:66:                   + mds            = {
TestTerraformConfluentPlatformExample 2022-08-01T19:16:32Z logger.go:66:                       + authentication = {
TestTerraformConfluentPlatformExample 2022-08-01T19:16:32Z logger.go:66:                           + bearer = {
TestTerraformConfluentPlatformExample 2022-08-01T19:16:32Z logger.go:66:                               + directoryPathInContainer = (known after apply)
TestTerraformConfluentPlatformExample 2022-08-01T19:16:32Z logger.go:66:                               + secretRef                = (known after apply)
TestTerraformConfluentPlatformExample 2022-08-01T19:16:32Z logger.go:66:                             }
TestTerraformConfluentPlatformExample 2022-08-01T19:16:32Z logger.go:66:                           + type   = (known after apply)
TestTerraformConfluentPlatformExample 2022-08-01T19:16:32Z logger.go:66:                         }
TestTerraformConfluentPlatformExample 2022-08-01T19:16:32Z logger.go:66:                       + endpoint       = (known after apply)
TestTerraformConfluentPlatformExample 2022-08-01T19:16:32Z logger.go:66:                       + tls            = {
TestTerraformConfluentPlatformExample 2022-08-01T19:16:32Z logger.go:66:                           + directoryPathInContainer = (known after apply)
TestTerraformConfluentPlatformExample 2022-08-01T19:16:32Z logger.go:66:                           + enabled                  = (known after apply)
TestTerraformConfluentPlatformExample 2022-08-01T19:16:32Z logger.go:66:                           + ignoreTrustStoreConfig   = (known after apply)
TestTerraformConfluentPlatformExample 2022-08-01T19:16:32Z logger.go:66:                           + jksPassword              = {
TestTerraformConfluentPlatformExample 2022-08-01T19:16:32Z logger.go:66:                               + secretRef = (known after apply)
TestTerraformConfluentPlatformExample 2022-08-01T19:16:32Z logger.go:66:                             }
TestTerraformConfluentPlatformExample 2022-08-01T19:16:32Z logger.go:66:                           + secretRef                = (known after apply)
TestTerraformConfluentPlatformExample 2022-08-01T19:16:32Z logger.go:66:                         }
TestTerraformConfluentPlatformExample 2022-08-01T19:16:32Z logger.go:66:                       + tokenKeyPair   = {
TestTerraformConfluentPlatformExample 2022-08-01T19:16:32Z logger.go:66:                           + directoryPathInContainer = (known after apply)
TestTerraformConfluentPlatformExample 2022-08-01T19:16:32Z logger.go:66:                           + secretRef                = (known after apply)
TestTerraformConfluentPlatformExample 2022-08-01T19:16:32Z logger.go:66:                         }
TestTerraformConfluentPlatformExample 2022-08-01T19:16:32Z logger.go:66:                     }
TestTerraformConfluentPlatformExample 2022-08-01T19:16:32Z logger.go:66:                   + schemaRegistry = {
TestTerraformConfluentPlatformExample 2022-08-01T19:16:32Z logger.go:66:                       + authentication = {
TestTerraformConfluentPlatformExample 2022-08-01T19:16:32Z logger.go:66:                           + basic = {
TestTerraformConfluentPlatformExample 2022-08-01T19:16:32Z logger.go:66:                               + debug                    = (known after apply)
TestTerraformConfluentPlatformExample 2022-08-01T19:16:32Z logger.go:66:                               + directoryPathInContainer = (known after apply)
TestTerraformConfluentPlatformExample 2022-08-01T19:16:32Z logger.go:66:                               + restrictedRoles          = (known after apply)
TestTerraformConfluentPlatformExample 2022-08-01T19:16:32Z logger.go:66:                               + roles                    = (known after apply)
TestTerraformConfluentPlatformExample 2022-08-01T19:16:32Z logger.go:66:                               + secretRef                = (known after apply)
TestTerraformConfluentPlatformExample 2022-08-01T19:16:32Z logger.go:66:                             }
TestTerraformConfluentPlatformExample 2022-08-01T19:16:32Z logger.go:66:                           + type  = (known after apply)
TestTerraformConfluentPlatformExample 2022-08-01T19:16:32Z logger.go:66:                         }
TestTerraformConfluentPlatformExample 2022-08-01T19:16:32Z logger.go:66:                       + tls            = {
TestTerraformConfluentPlatformExample 2022-08-01T19:16:32Z logger.go:66:                           + directoryPathInContainer = (known after apply)
TestTerraformConfluentPlatformExample 2022-08-01T19:16:32Z logger.go:66:                           + enabled                  = (known after apply)
TestTerraformConfluentPlatformExample 2022-08-01T19:16:32Z logger.go:66:                           + ignoreTrustStoreConfig   = (known after apply)
TestTerraformConfluentPlatformExample 2022-08-01T19:16:32Z logger.go:66:                           + jksPassword              = {
TestTerraformConfluentPlatformExample 2022-08-01T19:16:32Z logger.go:66:                               + secretRef = (known after apply)
TestTerraformConfluentPlatformExample 2022-08-01T19:16:32Z logger.go:66:                             }
TestTerraformConfluentPlatformExample 2022-08-01T19:16:32Z logger.go:66:                           + secretRef                = (known after apply)
TestTerraformConfluentPlatformExample 2022-08-01T19:16:32Z logger.go:66:                         }
TestTerraformConfluentPlatformExample 2022-08-01T19:16:32Z logger.go:66:                       + url            = "http://schemaregistry.confluent.svc.cluster.local:8081"
TestTerraformConfluentPlatformExample 2022-08-01T19:16:32Z logger.go:66:                     }
TestTerraformConfluentPlatformExample 2022-08-01T19:16:32Z logger.go:66:                 }
TestTerraformConfluentPlatformExample 2022-08-01T19:16:32Z logger.go:66:               + externalAccess    = {
TestTerraformConfluentPlatformExample 2022-08-01T19:16:32Z logger.go:66:                   + loadBalancer = {
TestTerraformConfluentPlatformExample 2022-08-01T19:16:32Z logger.go:66:                       + advertisedURL            = {
TestTerraformConfluentPlatformExample 2022-08-01T19:16:32Z logger.go:66:                           + enabled = (known after apply)
TestTerraformConfluentPlatformExample 2022-08-01T19:16:32Z logger.go:66:                           + prefix  = (known after apply)
TestTerraformConfluentPlatformExample 2022-08-01T19:16:32Z logger.go:66:                         }
TestTerraformConfluentPlatformExample 2022-08-01T19:16:32Z logger.go:66:                       + annotations              = (known after apply)
TestTerraformConfluentPlatformExample 2022-08-01T19:16:32Z logger.go:66:                       + domain                   = (known after apply)
TestTerraformConfluentPlatformExample 2022-08-01T19:16:32Z logger.go:66:                       + externalTrafficPolicy    = (known after apply)
TestTerraformConfluentPlatformExample 2022-08-01T19:16:32Z logger.go:66:                       + labels                   = (known after apply)
TestTerraformConfluentPlatformExample 2022-08-01T19:16:32Z logger.go:66:                       + loadBalancerSourceRanges = (known after apply)
TestTerraformConfluentPlatformExample 2022-08-01T19:16:32Z logger.go:66:                       + port                     = (known after apply)
TestTerraformConfluentPlatformExample 2022-08-01T19:16:32Z logger.go:66:                       + prefix                   = (known after apply)
TestTerraformConfluentPlatformExample 2022-08-01T19:16:32Z logger.go:66:                       + servicePorts             = (known after apply)
TestTerraformConfluentPlatformExample 2022-08-01T19:16:32Z logger.go:66:                       + sessionAffinity          = (known after apply)
TestTerraformConfluentPlatformExample 2022-08-01T19:16:32Z logger.go:66:                       + sessionAffinityConfig    = {
TestTerraformConfluentPlatformExample 2022-08-01T19:16:32Z logger.go:66:                           + clientIP = {
TestTerraformConfluentPlatformExample 2022-08-01T19:16:32Z logger.go:66:                               + timeoutSeconds = (known after apply)
TestTerraformConfluentPlatformExample 2022-08-01T19:16:32Z logger.go:66:                             }
TestTerraformConfluentPlatformExample 2022-08-01T19:16:32Z logger.go:66:                         }
TestTerraformConfluentPlatformExample 2022-08-01T19:16:32Z logger.go:66:                     }
TestTerraformConfluentPlatformExample 2022-08-01T19:16:32Z logger.go:66:                   + nodePort     = {
TestTerraformConfluentPlatformExample 2022-08-01T19:16:32Z logger.go:66:                       + advertisedURL         = {
TestTerraformConfluentPlatformExample 2022-08-01T19:16:32Z logger.go:66:                           + enabled = (known after apply)
TestTerraformConfluentPlatformExample 2022-08-01T19:16:32Z logger.go:66:                           + prefix  = (known after apply)
TestTerraformConfluentPlatformExample 2022-08-01T19:16:32Z logger.go:66:                         }
TestTerraformConfluentPlatformExample 2022-08-01T19:16:32Z logger.go:66:                       + annotations           = (known after apply)
TestTerraformConfluentPlatformExample 2022-08-01T19:16:32Z logger.go:66:                       + externalTrafficPolicy = (known after apply)
TestTerraformConfluentPlatformExample 2022-08-01T19:16:32Z logger.go:66:                       + host                  = (known after apply)
TestTerraformConfluentPlatformExample 2022-08-01T19:16:32Z logger.go:66:                       + labels                = (known after apply)
TestTerraformConfluentPlatformExample 2022-08-01T19:16:32Z logger.go:66:                       + nodePortOffset        = (known after apply)
TestTerraformConfluentPlatformExample 2022-08-01T19:16:32Z logger.go:66:                       + servicePorts          = (known after apply)
TestTerraformConfluentPlatformExample 2022-08-01T19:16:32Z logger.go:66:                       + sessionAffinity       = (known after apply)
TestTerraformConfluentPlatformExample 2022-08-01T19:16:32Z logger.go:66:                       + sessionAffinityConfig = {
TestTerraformConfluentPlatformExample 2022-08-01T19:16:32Z logger.go:66:                           + clientIP = {
TestTerraformConfluentPlatformExample 2022-08-01T19:16:32Z logger.go:66:                               + timeoutSeconds = (known after apply)
TestTerraformConfluentPlatformExample 2022-08-01T19:16:32Z logger.go:66:                             }
TestTerraformConfluentPlatformExample 2022-08-01T19:16:32Z logger.go:66:                         }
TestTerraformConfluentPlatformExample 2022-08-01T19:16:32Z logger.go:66:                     }
TestTerraformConfluentPlatformExample 2022-08-01T19:16:32Z logger.go:66:                   + route        = {
TestTerraformConfluentPlatformExample 2022-08-01T19:16:32Z logger.go:66:                       + annotations    = (known after apply)
TestTerraformConfluentPlatformExample 2022-08-01T19:16:32Z logger.go:66:                       + domain         = (known after apply)
TestTerraformConfluentPlatformExample 2022-08-01T19:16:32Z logger.go:66:                       + labels         = (known after apply)
TestTerraformConfluentPlatformExample 2022-08-01T19:16:32Z logger.go:66:                       + prefix         = (known after apply)
TestTerraformConfluentPlatformExample 2022-08-01T19:16:32Z logger.go:66:                       + wildcardPolicy = (known after apply)
TestTerraformConfluentPlatformExample 2022-08-01T19:16:32Z logger.go:66:                     }
TestTerraformConfluentPlatformExample 2022-08-01T19:16:32Z logger.go:66:                   + type         = (known after apply)
TestTerraformConfluentPlatformExample 2022-08-01T19:16:32Z logger.go:66:                 }
TestTerraformConfluentPlatformExample 2022-08-01T19:16:32Z logger.go:66:               + headlessService   = {
TestTerraformConfluentPlatformExample 2022-08-01T19:16:32Z logger.go:66:                   + annotations              = (known after apply)
TestTerraformConfluentPlatformExample 2022-08-01T19:16:32Z logger.go:66:                   + labels                   = (known after apply)
TestTerraformConfluentPlatformExample 2022-08-01T19:16:32Z logger.go:66:                   + publishNotReadyAddresses = (known after apply)
TestTerraformConfluentPlatformExample 2022-08-01T19:16:32Z logger.go:66:                 }
TestTerraformConfluentPlatformExample 2022-08-01T19:16:32Z logger.go:66:               + image             = {
TestTerraformConfluentPlatformExample 2022-08-01T19:16:32Z logger.go:66:                   + application   = "confluentinc/cp-kafka-rest:7.2.0"
TestTerraformConfluentPlatformExample 2022-08-01T19:16:32Z logger.go:66:                   + init          = "confluentinc/confluent-init-container:2.4.0"
TestTerraformConfluentPlatformExample 2022-08-01T19:16:32Z logger.go:66:                   + pullPolicy    = (known after apply)
TestTerraformConfluentPlatformExample 2022-08-01T19:16:32Z logger.go:66:                   + pullSecretRef = (known after apply)
TestTerraformConfluentPlatformExample 2022-08-01T19:16:32Z logger.go:66:                 }
TestTerraformConfluentPlatformExample 2022-08-01T19:16:32Z logger.go:66:               + injectAnnotations = (known after apply)
TestTerraformConfluentPlatformExample 2022-08-01T19:16:32Z logger.go:66:               + injectLabels      = (known after apply)
TestTerraformConfluentPlatformExample 2022-08-01T19:16:32Z logger.go:66:               + k8sClusterDomain  = (known after apply)
TestTerraformConfluentPlatformExample 2022-08-01T19:16:32Z logger.go:66:               + license           = {
TestTerraformConfluentPlatformExample 2022-08-01T19:16:32Z logger.go:66:                   + directoryPathInContainer = (known after apply)
TestTerraformConfluentPlatformExample 2022-08-01T19:16:32Z logger.go:66:                   + globalLicense            = (known after apply)
TestTerraformConfluentPlatformExample 2022-08-01T19:16:32Z logger.go:66:                   + secretRef                = (known after apply)
TestTerraformConfluentPlatformExample 2022-08-01T19:16:32Z logger.go:66:                 }
TestTerraformConfluentPlatformExample 2022-08-01T19:16:32Z logger.go:66:               + metrics           = {
TestTerraformConfluentPlatformExample 2022-08-01T19:16:32Z logger.go:66:                   + authentication = {
TestTerraformConfluentPlatformExample 2022-08-01T19:16:32Z logger.go:66:                       + type = (known after apply)
TestTerraformConfluentPlatformExample 2022-08-01T19:16:32Z logger.go:66:                     }
TestTerraformConfluentPlatformExample 2022-08-01T19:16:32Z logger.go:66:                   + prometheus     = {
TestTerraformConfluentPlatformExample 2022-08-01T19:16:32Z logger.go:66:                       + blacklist = (known after apply)
TestTerraformConfluentPlatformExample 2022-08-01T19:16:32Z logger.go:66:                       + rules     = (known after apply)
TestTerraformConfluentPlatformExample 2022-08-01T19:16:32Z logger.go:66:                       + whitelist = (known after apply)
TestTerraformConfluentPlatformExample 2022-08-01T19:16:32Z logger.go:66:                     }
TestTerraformConfluentPlatformExample 2022-08-01T19:16:32Z logger.go:66:                   + tls            = {
TestTerraformConfluentPlatformExample 2022-08-01T19:16:32Z logger.go:66:                       + directoryPathInContainer = (known after apply)
TestTerraformConfluentPlatformExample 2022-08-01T19:16:32Z logger.go:66:                       + enabled                  = (known after apply)
TestTerraformConfluentPlatformExample 2022-08-01T19:16:32Z logger.go:66:                       + ignoreTrustStoreConfig   = (known after apply)
TestTerraformConfluentPlatformExample 2022-08-01T19:16:32Z logger.go:66:                       + jksPassword              = {
TestTerraformConfluentPlatformExample 2022-08-01T19:16:32Z logger.go:66:                           + secretRef = (known after apply)
TestTerraformConfluentPlatformExample 2022-08-01T19:16:32Z logger.go:66:                         }
TestTerraformConfluentPlatformExample 2022-08-01T19:16:32Z logger.go:66:                       + secretRef                = (known after apply)
TestTerraformConfluentPlatformExample 2022-08-01T19:16:32Z logger.go:66:                     }
TestTerraformConfluentPlatformExample 2022-08-01T19:16:32Z logger.go:66:                 }
TestTerraformConfluentPlatformExample 2022-08-01T19:16:32Z logger.go:66:               + mountedSecrets    = (known after apply)
TestTerraformConfluentPlatformExample 2022-08-01T19:16:32Z logger.go:66:               + mountedVolumes    = {
TestTerraformConfluentPlatformExample 2022-08-01T19:16:32Z logger.go:66:                   + volumeMounts = (known after apply)
TestTerraformConfluentPlatformExample 2022-08-01T19:16:32Z logger.go:66:                   + volumes      = (known after apply)
TestTerraformConfluentPlatformExample 2022-08-01T19:16:32Z logger.go:66:                 }
TestTerraformConfluentPlatformExample 2022-08-01T19:16:32Z logger.go:66:               + oneReplicaPerNode = (known after apply)
TestTerraformConfluentPlatformExample 2022-08-01T19:16:32Z logger.go:66:               + podTemplate       = {
TestTerraformConfluentPlatformExample 2022-08-01T19:16:32Z logger.go:66:                   + affinity                      = {
TestTerraformConfluentPlatformExample 2022-08-01T19:16:32Z logger.go:66:                       + nodeAffinity    = {
TestTerraformConfluentPlatformExample 2022-08-01T19:16:32Z logger.go:66:                           + preferredDuringSchedulingIgnoredDuringExecution = (known after apply)
TestTerraformConfluentPlatformExample 2022-08-01T19:16:32Z logger.go:66:                           + requiredDuringSchedulingIgnoredDuringExecution  = {
TestTerraformConfluentPlatformExample 2022-08-01T19:16:32Z logger.go:66:                               + nodeSelectorTerms = (known after apply)
TestTerraformConfluentPlatformExample 2022-08-01T19:16:32Z logger.go:66:                             }
TestTerraformConfluentPlatformExample 2022-08-01T19:16:32Z logger.go:66:                         }
TestTerraformConfluentPlatformExample 2022-08-01T19:16:32Z logger.go:66:                       + podAffinity     = {
TestTerraformConfluentPlatformExample 2022-08-01T19:16:32Z logger.go:66:                           + preferredDuringSchedulingIgnoredDuringExecution = (known after apply)
TestTerraformConfluentPlatformExample 2022-08-01T19:16:32Z logger.go:66:                           + requiredDuringSchedulingIgnoredDuringExecution  = (known after apply)
TestTerraformConfluentPlatformExample 2022-08-01T19:16:32Z logger.go:66:                         }
TestTerraformConfluentPlatformExample 2022-08-01T19:16:32Z logger.go:66:                       + podAntiAffinity = {
TestTerraformConfluentPlatformExample 2022-08-01T19:16:32Z logger.go:66:                           + preferredDuringSchedulingIgnoredDuringExecution = (known after apply)
TestTerraformConfluentPlatformExample 2022-08-01T19:16:32Z logger.go:66:                           + requiredDuringSchedulingIgnoredDuringExecution  = (known after apply)
TestTerraformConfluentPlatformExample 2022-08-01T19:16:32Z logger.go:66:                         }
TestTerraformConfluentPlatformExample 2022-08-01T19:16:32Z logger.go:66:                     }
TestTerraformConfluentPlatformExample 2022-08-01T19:16:32Z logger.go:66:                   + annotations                   = (known after apply)
TestTerraformConfluentPlatformExample 2022-08-01T19:16:32Z logger.go:66:                   + envVars                       = (known after apply)
TestTerraformConfluentPlatformExample 2022-08-01T19:16:32Z logger.go:66:                   + labels                        = (known after apply)
TestTerraformConfluentPlatformExample 2022-08-01T19:16:32Z logger.go:66:                   + podSecurityContext            = {
TestTerraformConfluentPlatformExample 2022-08-01T19:16:32Z logger.go:66:                       + fsGroup             = (known after apply)
TestTerraformConfluentPlatformExample 2022-08-01T19:16:32Z logger.go:66:                       + fsGroupChangePolicy = (known after apply)
TestTerraformConfluentPlatformExample 2022-08-01T19:16:32Z logger.go:66:                       + runAsGroup          = (known after apply)
TestTerraformConfluentPlatformExample 2022-08-01T19:16:32Z logger.go:66:                       + runAsNonRoot        = (known after apply)
TestTerraformConfluentPlatformExample 2022-08-01T19:16:32Z logger.go:66:                       + runAsUser           = (known after apply)
TestTerraformConfluentPlatformExample 2022-08-01T19:16:32Z logger.go:66:                       + seLinuxOptions      = {
TestTerraformConfluentPlatformExample 2022-08-01T19:16:32Z logger.go:66:                           + level = (known after apply)
TestTerraformConfluentPlatformExample 2022-08-01T19:16:32Z logger.go:66:                           + role  = (known after apply)
TestTerraformConfluentPlatformExample 2022-08-01T19:16:32Z logger.go:66:                           + type  = (known after apply)
TestTerraformConfluentPlatformExample 2022-08-01T19:16:32Z logger.go:66:                           + user  = (known after apply)
TestTerraformConfluentPlatformExample 2022-08-01T19:16:32Z logger.go:66:                         }
TestTerraformConfluentPlatformExample 2022-08-01T19:16:32Z logger.go:66:                       + seccompProfile      = {
TestTerraformConfluentPlatformExample 2022-08-01T19:16:32Z logger.go:66:                           + localhostProfile = (known after apply)
TestTerraformConfluentPlatformExample 2022-08-01T19:16:32Z logger.go:66:                           + type             = (known after apply)
TestTerraformConfluentPlatformExample 2022-08-01T19:16:32Z logger.go:66:                         }
TestTerraformConfluentPlatformExample 2022-08-01T19:16:32Z logger.go:66:                       + supplementalGroups  = (known after apply)
TestTerraformConfluentPlatformExample 2022-08-01T19:16:32Z logger.go:66:                       + sysctls             = (known after apply)
TestTerraformConfluentPlatformExample 2022-08-01T19:16:32Z logger.go:66:                       + windowsOptions      = {
TestTerraformConfluentPlatformExample 2022-08-01T19:16:32Z logger.go:66:                           + gmsaCredentialSpec     = (known after apply)
TestTerraformConfluentPlatformExample 2022-08-01T19:16:32Z logger.go:66:                           + gmsaCredentialSpecName = (known after apply)
TestTerraformConfluentPlatformExample 2022-08-01T19:16:32Z logger.go:66:                           + hostProcess            = (known after apply)
TestTerraformConfluentPlatformExample 2022-08-01T19:16:32Z logger.go:66:                           + runAsUserName          = (known after apply)
TestTerraformConfluentPlatformExample 2022-08-01T19:16:32Z logger.go:66:                         }
TestTerraformConfluentPlatformExample 2022-08-01T19:16:32Z logger.go:66:                     }
TestTerraformConfluentPlatformExample 2022-08-01T19:16:32Z logger.go:66:                   + priorityClassName             = (known after apply)
TestTerraformConfluentPlatformExample 2022-08-01T19:16:32Z logger.go:66:                   + probe                         = {
TestTerraformConfluentPlatformExample 2022-08-01T19:16:32Z logger.go:66:                       + liveness  = {
TestTerraformConfluentPlatformExample 2022-08-01T19:16:32Z logger.go:66:                           + failureThreshold    = (known after apply)
TestTerraformConfluentPlatformExample 2022-08-01T19:16:32Z logger.go:66:                           + initialDelaySeconds = (known after apply)
TestTerraformConfluentPlatformExample 2022-08-01T19:16:32Z logger.go:66:                           + periodSeconds       = (known after apply)
TestTerraformConfluentPlatformExample 2022-08-01T19:16:32Z logger.go:66:                           + successThreshold    = (known after apply)
TestTerraformConfluentPlatformExample 2022-08-01T19:16:32Z logger.go:66:                           + timeoutSeconds      = (known after apply)
TestTerraformConfluentPlatformExample 2022-08-01T19:16:32Z logger.go:66:                         }
TestTerraformConfluentPlatformExample 2022-08-01T19:16:32Z logger.go:66:                       + readiness = {
TestTerraformConfluentPlatformExample 2022-08-01T19:16:32Z logger.go:66:                           + failureThreshold    = (known after apply)
TestTerraformConfluentPlatformExample 2022-08-01T19:16:32Z logger.go:66:                           + initialDelaySeconds = (known after apply)
TestTerraformConfluentPlatformExample 2022-08-01T19:16:32Z logger.go:66:                           + periodSeconds       = (known after apply)
TestTerraformConfluentPlatformExample 2022-08-01T19:16:32Z logger.go:66:                           + successThreshold    = (known after apply)
TestTerraformConfluentPlatformExample 2022-08-01T19:16:32Z logger.go:66:                           + timeoutSeconds      = (known after apply)
TestTerraformConfluentPlatformExample 2022-08-01T19:16:32Z logger.go:66:                         }
TestTerraformConfluentPlatformExample 2022-08-01T19:16:32Z logger.go:66:                     }
TestTerraformConfluentPlatformExample 2022-08-01T19:16:32Z logger.go:66:                   + resources                     = {
TestTerraformConfluentPlatformExample 2022-08-01T19:16:32Z logger.go:66:                       + limits   = (known after apply)
TestTerraformConfluentPlatformExample 2022-08-01T19:16:32Z logger.go:66:                       + requests = (known after apply)
TestTerraformConfluentPlatformExample 2022-08-01T19:16:32Z logger.go:66:                     }
TestTerraformConfluentPlatformExample 2022-08-01T19:16:32Z logger.go:66:                   + securityContext               = {
TestTerraformConfluentPlatformExample 2022-08-01T19:16:32Z logger.go:66:                       + allowPrivilegeEscalation = (known after apply)
TestTerraformConfluentPlatformExample 2022-08-01T19:16:32Z logger.go:66:                       + capabilities             = {
TestTerraformConfluentPlatformExample 2022-08-01T19:16:32Z logger.go:66:                           + add  = (known after apply)
TestTerraformConfluentPlatformExample 2022-08-01T19:16:32Z logger.go:66:                           + drop = (known after apply)
TestTerraformConfluentPlatformExample 2022-08-01T19:16:32Z logger.go:66:                         }
TestTerraformConfluentPlatformExample 2022-08-01T19:16:32Z logger.go:66:                       + privileged               = (known after apply)
TestTerraformConfluentPlatformExample 2022-08-01T19:16:32Z logger.go:66:                       + procMount                = (known after apply)
TestTerraformConfluentPlatformExample 2022-08-01T19:16:32Z logger.go:66:                       + readOnlyRootFilesystem   = (known after apply)
TestTerraformConfluentPlatformExample 2022-08-01T19:16:32Z logger.go:66:                       + runAsGroup               = (known after apply)
TestTerraformConfluentPlatformExample 2022-08-01T19:16:32Z logger.go:66:                       + runAsNonRoot             = (known after apply)
TestTerraformConfluentPlatformExample 2022-08-01T19:16:32Z logger.go:66:                       + runAsUser                = (known after apply)
TestTerraformConfluentPlatformExample 2022-08-01T19:16:32Z logger.go:66:                       + seLinuxOptions           = {
TestTerraformConfluentPlatformExample 2022-08-01T19:16:32Z logger.go:66:                           + level = (known after apply)
TestTerraformConfluentPlatformExample 2022-08-01T19:16:32Z logger.go:66:                           + role  = (known after apply)
TestTerraformConfluentPlatformExample 2022-08-01T19:16:32Z logger.go:66:                           + type  = (known after apply)
TestTerraformConfluentPlatformExample 2022-08-01T19:16:32Z logger.go:66:                           + user  = (known after apply)
TestTerraformConfluentPlatformExample 2022-08-01T19:16:32Z logger.go:66:                         }
TestTerraformConfluentPlatformExample 2022-08-01T19:16:32Z logger.go:66:                       + seccompProfile           = {
TestTerraformConfluentPlatformExample 2022-08-01T19:16:32Z logger.go:66:                           + localhostProfile = (known after apply)
TestTerraformConfluentPlatformExample 2022-08-01T19:16:32Z logger.go:66:                           + type             = (known after apply)
TestTerraformConfluentPlatformExample 2022-08-01T19:16:32Z logger.go:66:                         }
TestTerraformConfluentPlatformExample 2022-08-01T19:16:32Z logger.go:66:                       + windowsOptions           = {
TestTerraformConfluentPlatformExample 2022-08-01T19:16:32Z logger.go:66:                           + gmsaCredentialSpec     = (known after apply)
TestTerraformConfluentPlatformExample 2022-08-01T19:16:32Z logger.go:66:                           + gmsaCredentialSpecName = (known after apply)
TestTerraformConfluentPlatformExample 2022-08-01T19:16:32Z logger.go:66:                           + hostProcess            = (known after apply)
TestTerraformConfluentPlatformExample 2022-08-01T19:16:32Z logger.go:66:                           + runAsUserName          = (known after apply)
TestTerraformConfluentPlatformExample 2022-08-01T19:16:32Z logger.go:66:                         }
TestTerraformConfluentPlatformExample 2022-08-01T19:16:32Z logger.go:66:                     }
TestTerraformConfluentPlatformExample 2022-08-01T19:16:32Z logger.go:66:                   + serviceAccountName            = (known after apply)
TestTerraformConfluentPlatformExample 2022-08-01T19:16:32Z logger.go:66:                   + terminationGracePeriodSeconds = (known after apply)
TestTerraformConfluentPlatformExample 2022-08-01T19:16:32Z logger.go:66:                   + tolerations                   = (known after apply)
TestTerraformConfluentPlatformExample 2022-08-01T19:16:32Z logger.go:66:                   + topologySpreadConstraints     = (known after apply)
TestTerraformConfluentPlatformExample 2022-08-01T19:16:32Z logger.go:66:                 }
TestTerraformConfluentPlatformExample 2022-08-01T19:16:32Z logger.go:66:               + replicas          = 1
TestTerraformConfluentPlatformExample 2022-08-01T19:16:32Z logger.go:66:               + telemetry         = {
TestTerraformConfluentPlatformExample 2022-08-01T19:16:32Z logger.go:66:                   + global = (known after apply)
TestTerraformConfluentPlatformExample 2022-08-01T19:16:32Z logger.go:66:                 }
TestTerraformConfluentPlatformExample 2022-08-01T19:16:32Z logger.go:66:               + tls               = {
TestTerraformConfluentPlatformExample 2022-08-01T19:16:32Z logger.go:66:                   + autoGeneratedCerts       = (known after apply)
TestTerraformConfluentPlatformExample 2022-08-01T19:16:32Z logger.go:66:                   + directoryPathInContainer = (known after apply)
TestTerraformConfluentPlatformExample 2022-08-01T19:16:32Z logger.go:66:                   + ignoreTrustStoreConfig   = (known after apply)
TestTerraformConfluentPlatformExample 2022-08-01T19:16:32Z logger.go:66:                   + jksPassword              = {
TestTerraformConfluentPlatformExample 2022-08-01T19:16:32Z logger.go:66:                       + secretRef = (known after apply)
TestTerraformConfluentPlatformExample 2022-08-01T19:16:32Z logger.go:66:                     }
TestTerraformConfluentPlatformExample 2022-08-01T19:16:32Z logger.go:66:                   + secretRef                = (known after apply)
TestTerraformConfluentPlatformExample 2022-08-01T19:16:32Z logger.go:66:                 }
TestTerraformConfluentPlatformExample 2022-08-01T19:16:32Z logger.go:66:             }
TestTerraformConfluentPlatformExample 2022-08-01T19:16:32Z logger.go:66:         }
TestTerraformConfluentPlatformExample 2022-08-01T19:16:32Z logger.go:66:
TestTerraformConfluentPlatformExample 2022-08-01T19:16:32Z logger.go:66:       + timeouts {
TestTerraformConfluentPlatformExample 2022-08-01T19:16:32Z logger.go:66:           + create = "1h"
TestTerraformConfluentPlatformExample 2022-08-01T19:16:32Z logger.go:66:           + delete = "10m"
TestTerraformConfluentPlatformExample 2022-08-01T19:16:32Z logger.go:66:           + update = "1h"
TestTerraformConfluentPlatformExample 2022-08-01T19:16:32Z logger.go:66:         }
TestTerraformConfluentPlatformExample 2022-08-01T19:16:32Z logger.go:66:
TestTerraformConfluentPlatformExample 2022-08-01T19:16:32Z logger.go:66:       + wait {
TestTerraformConfluentPlatformExample 2022-08-01T19:16:32Z logger.go:66:           + fields = {
TestTerraformConfluentPlatformExample 2022-08-01T19:16:32Z logger.go:66:               + "status.phase" = "RUNNING"
TestTerraformConfluentPlatformExample 2022-08-01T19:16:32Z logger.go:66:             }
TestTerraformConfluentPlatformExample 2022-08-01T19:16:32Z logger.go:66:         }
TestTerraformConfluentPlatformExample 2022-08-01T19:16:32Z logger.go:66:     }
TestTerraformConfluentPlatformExample 2022-08-01T19:16:32Z logger.go:66:
TestTerraformConfluentPlatformExample 2022-08-01T19:16:32Z logger.go:66:   # module.confluent_platform.kubernetes_manifest.components["ksqldb"] will be created
TestTerraformConfluentPlatformExample 2022-08-01T19:16:32Z logger.go:66:   + resource "kubernetes_manifest" "components" {
TestTerraformConfluentPlatformExample 2022-08-01T19:16:32Z logger.go:66:       + computed_fields = [
TestTerraformConfluentPlatformExample 2022-08-01T19:16:32Z logger.go:66:           + "metadata.finalizers",
TestTerraformConfluentPlatformExample 2022-08-01T19:16:32Z logger.go:66:         ]
TestTerraformConfluentPlatformExample 2022-08-01T19:16:32Z logger.go:66:       + manifest        = {
TestTerraformConfluentPlatformExample 2022-08-01T19:16:32Z logger.go:66:           + apiVersion = "platform.confluent.io/v1beta1"
TestTerraformConfluentPlatformExample 2022-08-01T19:16:32Z logger.go:66:           + kind       = "KsqlDB"
TestTerraformConfluentPlatformExample 2022-08-01T19:16:32Z logger.go:66:           + metadata   = {
TestTerraformConfluentPlatformExample 2022-08-01T19:16:32Z logger.go:66:               + name      = "ksqldb"
TestTerraformConfluentPlatformExample 2022-08-01T19:16:32Z logger.go:66:               + namespace = "confluent"
TestTerraformConfluentPlatformExample 2022-08-01T19:16:32Z logger.go:66:             }
TestTerraformConfluentPlatformExample 2022-08-01T19:16:32Z logger.go:66:           + spec       = {
TestTerraformConfluentPlatformExample 2022-08-01T19:16:32Z logger.go:66:               + dataVolumeCapacity = "10Gi"
TestTerraformConfluentPlatformExample 2022-08-01T19:16:32Z logger.go:66:               + image              = {
TestTerraformConfluentPlatformExample 2022-08-01T19:16:32Z logger.go:66:                   + application = "confluentinc/cp-ksqldb-server:7.2.0"
TestTerraformConfluentPlatformExample 2022-08-01T19:16:32Z logger.go:66:                   + init        = "confluentinc/confluent-init-container:2.4.0"
TestTerraformConfluentPlatformExample 2022-08-01T19:16:32Z logger.go:66:                 }
TestTerraformConfluentPlatformExample 2022-08-01T19:16:32Z logger.go:66:               + replicas           = 1
TestTerraformConfluentPlatformExample 2022-08-01T19:16:32Z logger.go:66:             }
TestTerraformConfluentPlatformExample 2022-08-01T19:16:32Z logger.go:66:         }
TestTerraformConfluentPlatformExample 2022-08-01T19:16:32Z logger.go:66:       + object          = {
TestTerraformConfluentPlatformExample 2022-08-01T19:16:32Z logger.go:66:           + apiVersion = "platform.confluent.io/v1beta1"
TestTerraformConfluentPlatformExample 2022-08-01T19:16:32Z logger.go:66:           + kind       = "KsqlDB"
TestTerraformConfluentPlatformExample 2022-08-01T19:16:32Z logger.go:66:           + metadata   = {
TestTerraformConfluentPlatformExample 2022-08-01T19:16:32Z logger.go:66:               + annotations                = (known after apply)
TestTerraformConfluentPlatformExample 2022-08-01T19:16:32Z logger.go:66:               + clusterName                = (known after apply)
TestTerraformConfluentPlatformExample 2022-08-01T19:16:32Z logger.go:66:               + creationTimestamp          = (known after apply)
TestTerraformConfluentPlatformExample 2022-08-01T19:16:32Z logger.go:66:               + deletionGracePeriodSeconds = (known after apply)
TestTerraformConfluentPlatformExample 2022-08-01T19:16:32Z logger.go:66:               + deletionTimestamp          = (known after apply)
TestTerraformConfluentPlatformExample 2022-08-01T19:16:32Z logger.go:66:               + finalizers                 = (known after apply)
TestTerraformConfluentPlatformExample 2022-08-01T19:16:32Z logger.go:66:               + generateName               = (known after apply)
TestTerraformConfluentPlatformExample 2022-08-01T19:16:32Z logger.go:66:               + generation                 = (known after apply)
TestTerraformConfluentPlatformExample 2022-08-01T19:16:32Z logger.go:66:               + labels                     = (known after apply)
TestTerraformConfluentPlatformExample 2022-08-01T19:16:32Z logger.go:66:               + managedFields              = (known after apply)
TestTerraformConfluentPlatformExample 2022-08-01T19:16:32Z logger.go:66:               + name                       = "ksqldb"
TestTerraformConfluentPlatformExample 2022-08-01T19:16:32Z logger.go:66:               + namespace                  = "confluent"
TestTerraformConfluentPlatformExample 2022-08-01T19:16:32Z logger.go:66:               + ownerReferences            = (known after apply)
TestTerraformConfluentPlatformExample 2022-08-01T19:16:32Z logger.go:66:               + resourceVersion            = (known after apply)
TestTerraformConfluentPlatformExample 2022-08-01T19:16:32Z logger.go:66:               + selfLink                   = (known after apply)
TestTerraformConfluentPlatformExample 2022-08-01T19:16:32Z logger.go:66:               + uid                        = (known after apply)
TestTerraformConfluentPlatformExample 2022-08-01T19:16:32Z logger.go:66:             }
TestTerraformConfluentPlatformExample 2022-08-01T19:16:32Z logger.go:66:           + spec       = {
TestTerraformConfluentPlatformExample 2022-08-01T19:16:32Z logger.go:66:               + authentication                 = {
TestTerraformConfluentPlatformExample 2022-08-01T19:16:32Z logger.go:66:                   + basic = {
TestTerraformConfluentPlatformExample 2022-08-01T19:16:32Z logger.go:66:                       + debug                    = (known after apply)
TestTerraformConfluentPlatformExample 2022-08-01T19:16:32Z logger.go:66:                       + directoryPathInContainer = (known after apply)
TestTerraformConfluentPlatformExample 2022-08-01T19:16:32Z logger.go:66:                       + restrictedRoles          = (known after apply)
TestTerraformConfluentPlatformExample 2022-08-01T19:16:32Z logger.go:66:                       + roles                    = (known after apply)
TestTerraformConfluentPlatformExample 2022-08-01T19:16:32Z logger.go:66:                       + secretRef                = (known after apply)
TestTerraformConfluentPlatformExample 2022-08-01T19:16:32Z logger.go:66:                     }
TestTerraformConfluentPlatformExample 2022-08-01T19:16:32Z logger.go:66:                   + type  = (known after apply)
TestTerraformConfluentPlatformExample 2022-08-01T19:16:32Z logger.go:66:                 }
TestTerraformConfluentPlatformExample 2022-08-01T19:16:32Z logger.go:66:               + authorization                  = {
TestTerraformConfluentPlatformExample 2022-08-01T19:16:32Z logger.go:66:                   + kafkaRestClassRef = {
TestTerraformConfluentPlatformExample 2022-08-01T19:16:32Z logger.go:66:                       + name      = (known after apply)
TestTerraformConfluentPlatformExample 2022-08-01T19:16:32Z logger.go:66:                       + namespace = (known after apply)
TestTerraformConfluentPlatformExample 2022-08-01T19:16:32Z logger.go:66:                     }
TestTerraformConfluentPlatformExample 2022-08-01T19:16:32Z logger.go:66:                   + type              = (known after apply)
TestTerraformConfluentPlatformExample 2022-08-01T19:16:32Z logger.go:66:                 }
TestTerraformConfluentPlatformExample 2022-08-01T19:16:32Z logger.go:66:               + configOverrides                = {
TestTerraformConfluentPlatformExample 2022-08-01T19:16:32Z logger.go:66:                   + jvm    = (known after apply)
TestTerraformConfluentPlatformExample 2022-08-01T19:16:32Z logger.go:66:                   + log4j  = (known after apply)
TestTerraformConfluentPlatformExample 2022-08-01T19:16:32Z logger.go:66:                   + server = (known after apply)
TestTerraformConfluentPlatformExample 2022-08-01T19:16:32Z logger.go:66:                 }
TestTerraformConfluentPlatformExample 2022-08-01T19:16:32Z logger.go:66:               + dataVolumeCapacity             = "10Gi"
TestTerraformConfluentPlatformExample 2022-08-01T19:16:32Z logger.go:66:               + dependencies                   = {
TestTerraformConfluentPlatformExample 2022-08-01T19:16:32Z logger.go:66:                   + interceptor    = {
TestTerraformConfluentPlatformExample 2022-08-01T19:16:32Z logger.go:66:                       + configs   = (known after apply)
TestTerraformConfluentPlatformExample 2022-08-01T19:16:32Z logger.go:66:                       + consumer  = {
TestTerraformConfluentPlatformExample 2022-08-01T19:16:32Z logger.go:66:                           + authentication    = {
TestTerraformConfluentPlatformExample 2022-08-01T19:16:32Z logger.go:66:                               + jaasConfig            = {
TestTerraformConfluentPlatformExample 2022-08-01T19:16:32Z logger.go:66:                                   + secretRef = (known after apply)
TestTerraformConfluentPlatformExample 2022-08-01T19:16:32Z logger.go:66:                                 }
TestTerraformConfluentPlatformExample 2022-08-01T19:16:32Z logger.go:66:                               + jaasConfigPassThrough = {
TestTerraformConfluentPlatformExample 2022-08-01T19:16:32Z logger.go:66:                                   + directoryPathInContainer = (known after apply)
TestTerraformConfluentPlatformExample 2022-08-01T19:16:32Z logger.go:66:                                   + secretRef                = (known after apply)
TestTerraformConfluentPlatformExample 2022-08-01T19:16:32Z logger.go:66:                                 }
TestTerraformConfluentPlatformExample 2022-08-01T19:16:32Z logger.go:66:                               + oauthbearer           = {
TestTerraformConfluentPlatformExample 2022-08-01T19:16:32Z logger.go:66:                                   + directoryPathInContainer = (known after apply)
TestTerraformConfluentPlatformExample 2022-08-01T19:16:32Z logger.go:66:                                   + secretRef                = (known after apply)
TestTerraformConfluentPlatformExample 2022-08-01T19:16:32Z logger.go:66:                                 }
TestTerraformConfluentPlatformExample 2022-08-01T19:16:32Z logger.go:66:                               + type                  = (known after apply)
TestTerraformConfluentPlatformExample 2022-08-01T19:16:32Z logger.go:66:                             }
TestTerraformConfluentPlatformExample 2022-08-01T19:16:32Z logger.go:66:                           + bootstrapEndpoint = (known after apply)
TestTerraformConfluentPlatformExample 2022-08-01T19:16:32Z logger.go:66:                           + discovery         = {
TestTerraformConfluentPlatformExample 2022-08-01T19:16:32Z logger.go:66:                               + name      = (known after apply)
TestTerraformConfluentPlatformExample 2022-08-01T19:16:32Z logger.go:66:                               + namespace = (known after apply)
TestTerraformConfluentPlatformExample 2022-08-01T19:16:32Z logger.go:66:                               + secretRef = (known after apply)
TestTerraformConfluentPlatformExample 2022-08-01T19:16:32Z logger.go:66:                             }
TestTerraformConfluentPlatformExample 2022-08-01T19:16:32Z logger.go:66:                           + tls               = {
TestTerraformConfluentPlatformExample 2022-08-01T19:16:32Z logger.go:66:                               + directoryPathInContainer = (known after apply)
TestTerraformConfluentPlatformExample 2022-08-01T19:16:32Z logger.go:66:                               + enabled                  = (known after apply)
TestTerraformConfluentPlatformExample 2022-08-01T19:16:32Z logger.go:66:                               + ignoreTrustStoreConfig   = (known after apply)
TestTerraformConfluentPlatformExample 2022-08-01T19:16:32Z logger.go:66:                               + jksPassword              = {
TestTerraformConfluentPlatformExample 2022-08-01T19:16:32Z logger.go:66:                                   + secretRef = (known after apply)
TestTerraformConfluentPlatformExample 2022-08-01T19:16:32Z logger.go:66:                                 }
TestTerraformConfluentPlatformExample 2022-08-01T19:16:32Z logger.go:66:                               + secretRef                = (known after apply)
TestTerraformConfluentPlatformExample 2022-08-01T19:16:32Z logger.go:66:                             }
TestTerraformConfluentPlatformExample 2022-08-01T19:16:32Z logger.go:66:                         }
TestTerraformConfluentPlatformExample 2022-08-01T19:16:32Z logger.go:66:                       + enabled   = (known after apply)
TestTerraformConfluentPlatformExample 2022-08-01T19:16:32Z logger.go:66:                       + producer  = {
TestTerraformConfluentPlatformExample 2022-08-01T19:16:32Z logger.go:66:                           + authentication    = {
TestTerraformConfluentPlatformExample 2022-08-01T19:16:32Z logger.go:66:                               + jaasConfig            = {
TestTerraformConfluentPlatformExample 2022-08-01T19:16:32Z logger.go:66:                                   + secretRef = (known after apply)
TestTerraformConfluentPlatformExample 2022-08-01T19:16:32Z logger.go:66:                                 }
TestTerraformConfluentPlatformExample 2022-08-01T19:16:32Z logger.go:66:                               + jaasConfigPassThrough = {
TestTerraformConfluentPlatformExample 2022-08-01T19:16:32Z logger.go:66:                                   + directoryPathInContainer = (known after apply)
TestTerraformConfluentPlatformExample 2022-08-01T19:16:32Z logger.go:66:                                   + secretRef                = (known after apply)
TestTerraformConfluentPlatformExample 2022-08-01T19:16:32Z logger.go:66:                                 }
TestTerraformConfluentPlatformExample 2022-08-01T19:16:32Z logger.go:66:                               + oauthbearer           = {
TestTerraformConfluentPlatformExample 2022-08-01T19:16:32Z logger.go:66:                                   + directoryPathInContainer = (known after apply)
TestTerraformConfluentPlatformExample 2022-08-01T19:16:32Z logger.go:66:                                   + secretRef                = (known after apply)
TestTerraformConfluentPlatformExample 2022-08-01T19:16:32Z logger.go:66:                                 }
TestTerraformConfluentPlatformExample 2022-08-01T19:16:32Z logger.go:66:                               + type                  = (known after apply)
TestTerraformConfluentPlatformExample 2022-08-01T19:16:32Z logger.go:66:                             }
TestTerraformConfluentPlatformExample 2022-08-01T19:16:32Z logger.go:66:                           + bootstrapEndpoint = (known after apply)
TestTerraformConfluentPlatformExample 2022-08-01T19:16:32Z logger.go:66:                           + discovery         = {
TestTerraformConfluentPlatformExample 2022-08-01T19:16:32Z logger.go:66:                               + name      = (known after apply)
TestTerraformConfluentPlatformExample 2022-08-01T19:16:32Z logger.go:66:                               + namespace = (known after apply)
TestTerraformConfluentPlatformExample 2022-08-01T19:16:32Z logger.go:66:                               + secretRef = (known after apply)
TestTerraformConfluentPlatformExample 2022-08-01T19:16:32Z logger.go:66:                             }
TestTerraformConfluentPlatformExample 2022-08-01T19:16:32Z logger.go:66:                           + tls               = {
TestTerraformConfluentPlatformExample 2022-08-01T19:16:32Z logger.go:66:                               + directoryPathInContainer = (known after apply)
TestTerraformConfluentPlatformExample 2022-08-01T19:16:32Z logger.go:66:                               + enabled                  = (known after apply)
TestTerraformConfluentPlatformExample 2022-08-01T19:16:32Z logger.go:66:                               + ignoreTrustStoreConfig   = (known after apply)
TestTerraformConfluentPlatformExample 2022-08-01T19:16:32Z logger.go:66:                               + jksPassword              = {
TestTerraformConfluentPlatformExample 2022-08-01T19:16:32Z logger.go:66:                                   + secretRef = (known after apply)
TestTerraformConfluentPlatformExample 2022-08-01T19:16:32Z logger.go:66:                                 }
TestTerraformConfluentPlatformExample 2022-08-01T19:16:32Z logger.go:66:                               + secretRef                = (known after apply)
TestTerraformConfluentPlatformExample 2022-08-01T19:16:32Z logger.go:66:                             }
TestTerraformConfluentPlatformExample 2022-08-01T19:16:32Z logger.go:66:                         }
TestTerraformConfluentPlatformExample 2022-08-01T19:16:32Z logger.go:66:                       + publishMs = (known after apply)
TestTerraformConfluentPlatformExample 2022-08-01T19:16:32Z logger.go:66:                     }
TestTerraformConfluentPlatformExample 2022-08-01T19:16:32Z logger.go:66:                   + kafka          = {
TestTerraformConfluentPlatformExample 2022-08-01T19:16:32Z logger.go:66:                       + authentication    = {
TestTerraformConfluentPlatformExample 2022-08-01T19:16:32Z logger.go:66:                           + jaasConfig            = {
TestTerraformConfluentPlatformExample 2022-08-01T19:16:32Z logger.go:66:                               + secretRef = (known after apply)
TestTerraformConfluentPlatformExample 2022-08-01T19:16:32Z logger.go:66:                             }
TestTerraformConfluentPlatformExample 2022-08-01T19:16:32Z logger.go:66:                           + jaasConfigPassThrough = {
TestTerraformConfluentPlatformExample 2022-08-01T19:16:32Z logger.go:66:                               + directoryPathInContainer = (known after apply)
TestTerraformConfluentPlatformExample 2022-08-01T19:16:32Z logger.go:66:                               + secretRef                = (known after apply)
TestTerraformConfluentPlatformExample 2022-08-01T19:16:32Z logger.go:66:                             }
TestTerraformConfluentPlatformExample 2022-08-01T19:16:32Z logger.go:66:                           + oauthbearer           = {
TestTerraformConfluentPlatformExample 2022-08-01T19:16:32Z logger.go:66:                               + directoryPathInContainer = (known after apply)
TestTerraformConfluentPlatformExample 2022-08-01T19:16:32Z logger.go:66:                               + secretRef                = (known after apply)
TestTerraformConfluentPlatformExample 2022-08-01T19:16:32Z logger.go:66:                             }
TestTerraformConfluentPlatformExample 2022-08-01T19:16:32Z logger.go:66:                           + type                  = (known after apply)
TestTerraformConfluentPlatformExample 2022-08-01T19:16:32Z logger.go:66:                         }
TestTerraformConfluentPlatformExample 2022-08-01T19:16:32Z logger.go:66:                       + bootstrapEndpoint = (known after apply)
TestTerraformConfluentPlatformExample 2022-08-01T19:16:32Z logger.go:66:                       + discovery         = {
TestTerraformConfluentPlatformExample 2022-08-01T19:16:32Z logger.go:66:                           + name      = (known after apply)
TestTerraformConfluentPlatformExample 2022-08-01T19:16:32Z logger.go:66:                           + namespace = (known after apply)
TestTerraformConfluentPlatformExample 2022-08-01T19:16:32Z logger.go:66:                           + secretRef = (known after apply)
TestTerraformConfluentPlatformExample 2022-08-01T19:16:32Z logger.go:66:                         }
TestTerraformConfluentPlatformExample 2022-08-01T19:16:32Z logger.go:66:                       + tls               = {
TestTerraformConfluentPlatformExample 2022-08-01T19:16:32Z logger.go:66:                           + directoryPathInContainer = (known after apply)
TestTerraformConfluentPlatformExample 2022-08-01T19:16:32Z logger.go:66:                           + enabled                  = (known after apply)
TestTerraformConfluentPlatformExample 2022-08-01T19:16:32Z logger.go:66:                           + ignoreTrustStoreConfig   = (known after apply)
TestTerraformConfluentPlatformExample 2022-08-01T19:16:32Z logger.go:66:                           + jksPassword              = {
TestTerraformConfluentPlatformExample 2022-08-01T19:16:32Z logger.go:66:                               + secretRef = (known after apply)
TestTerraformConfluentPlatformExample 2022-08-01T19:16:32Z logger.go:66:                             }
TestTerraformConfluentPlatformExample 2022-08-01T19:16:32Z logger.go:66:                           + secretRef                = (known after apply)
TestTerraformConfluentPlatformExample 2022-08-01T19:16:32Z logger.go:66:                         }
TestTerraformConfluentPlatformExample 2022-08-01T19:16:32Z logger.go:66:                     }
TestTerraformConfluentPlatformExample 2022-08-01T19:16:32Z logger.go:66:                   + mds            = {
TestTerraformConfluentPlatformExample 2022-08-01T19:16:32Z logger.go:66:                       + authentication = {
TestTerraformConfluentPlatformExample 2022-08-01T19:16:32Z logger.go:66:                           + bearer = {
TestTerraformConfluentPlatformExample 2022-08-01T19:16:32Z logger.go:66:                               + directoryPathInContainer = (known after apply)
TestTerraformConfluentPlatformExample 2022-08-01T19:16:32Z logger.go:66:                               + secretRef                = (known after apply)
TestTerraformConfluentPlatformExample 2022-08-01T19:16:32Z logger.go:66:                             }
TestTerraformConfluentPlatformExample 2022-08-01T19:16:32Z logger.go:66:                           + type   = (known after apply)
TestTerraformConfluentPlatformExample 2022-08-01T19:16:32Z logger.go:66:                         }
TestTerraformConfluentPlatformExample 2022-08-01T19:16:32Z logger.go:66:                       + endpoint       = (known after apply)
TestTerraformConfluentPlatformExample 2022-08-01T19:16:32Z logger.go:66:                       + tls            = {
TestTerraformConfluentPlatformExample 2022-08-01T19:16:32Z logger.go:66:                           + directoryPathInContainer = (known after apply)
TestTerraformConfluentPlatformExample 2022-08-01T19:16:32Z logger.go:66:                           + enabled                  = (known after apply)
TestTerraformConfluentPlatformExample 2022-08-01T19:16:32Z logger.go:66:                           + ignoreTrustStoreConfig   = (known after apply)
TestTerraformConfluentPlatformExample 2022-08-01T19:16:32Z logger.go:66:                           + jksPassword              = {
TestTerraformConfluentPlatformExample 2022-08-01T19:16:32Z logger.go:66:                               + secretRef = (known after apply)
TestTerraformConfluentPlatformExample 2022-08-01T19:16:32Z logger.go:66:                             }
TestTerraformConfluentPlatformExample 2022-08-01T19:16:32Z logger.go:66:                           + secretRef                = (known after apply)
TestTerraformConfluentPlatformExample 2022-08-01T19:16:32Z logger.go:66:                         }
TestTerraformConfluentPlatformExample 2022-08-01T19:16:32Z logger.go:66:                       + tokenKeyPair   = {
TestTerraformConfluentPlatformExample 2022-08-01T19:16:32Z logger.go:66:                           + directoryPathInContainer = (known after apply)
TestTerraformConfluentPlatformExample 2022-08-01T19:16:32Z logger.go:66:                           + secretRef                = (known after apply)
TestTerraformConfluentPlatformExample 2022-08-01T19:16:32Z logger.go:66:                         }
TestTerraformConfluentPlatformExample 2022-08-01T19:16:32Z logger.go:66:                     }
TestTerraformConfluentPlatformExample 2022-08-01T19:16:32Z logger.go:66:                   + schemaRegistry = {
TestTerraformConfluentPlatformExample 2022-08-01T19:16:32Z logger.go:66:                       + authentication = {
TestTerraformConfluentPlatformExample 2022-08-01T19:16:32Z logger.go:66:                           + basic = {
TestTerraformConfluentPlatformExample 2022-08-01T19:16:32Z logger.go:66:                               + debug                    = (known after apply)
TestTerraformConfluentPlatformExample 2022-08-01T19:16:32Z logger.go:66:                               + directoryPathInContainer = (known after apply)
TestTerraformConfluentPlatformExample 2022-08-01T19:16:32Z logger.go:66:                               + restrictedRoles          = (known after apply)
TestTerraformConfluentPlatformExample 2022-08-01T19:16:32Z logger.go:66:                               + roles                    = (known after apply)
TestTerraformConfluentPlatformExample 2022-08-01T19:16:32Z logger.go:66:                               + secretRef                = (known after apply)
TestTerraformConfluentPlatformExample 2022-08-01T19:16:32Z logger.go:66:                             }
TestTerraformConfluentPlatformExample 2022-08-01T19:16:32Z logger.go:66:                           + type  = (known after apply)
TestTerraformConfluentPlatformExample 2022-08-01T19:16:32Z logger.go:66:                         }
TestTerraformConfluentPlatformExample 2022-08-01T19:16:32Z logger.go:66:                       + tls            = {
TestTerraformConfluentPlatformExample 2022-08-01T19:16:32Z logger.go:66:                           + directoryPathInContainer = (known after apply)
TestTerraformConfluentPlatformExample 2022-08-01T19:16:32Z logger.go:66:                           + enabled                  = (known after apply)
TestTerraformConfluentPlatformExample 2022-08-01T19:16:32Z logger.go:66:                           + ignoreTrustStoreConfig   = (known after apply)
TestTerraformConfluentPlatformExample 2022-08-01T19:16:32Z logger.go:66:                           + jksPassword              = {
TestTerraformConfluentPlatformExample 2022-08-01T19:16:32Z logger.go:66:                               + secretRef = (known after apply)
TestTerraformConfluentPlatformExample 2022-08-01T19:16:32Z logger.go:66:                             }
TestTerraformConfluentPlatformExample 2022-08-01T19:16:32Z logger.go:66:                           + secretRef                = (known after apply)
TestTerraformConfluentPlatformExample 2022-08-01T19:16:32Z logger.go:66:                         }
TestTerraformConfluentPlatformExample 2022-08-01T19:16:32Z logger.go:66:                       + url            = (known after apply)
TestTerraformConfluentPlatformExample 2022-08-01T19:16:32Z logger.go:66:                     }
TestTerraformConfluentPlatformExample 2022-08-01T19:16:32Z logger.go:66:                 }
TestTerraformConfluentPlatformExample 2022-08-01T19:16:32Z logger.go:66:               + externalAccess                 = {
TestTerraformConfluentPlatformExample 2022-08-01T19:16:32Z logger.go:66:                   + loadBalancer = {
TestTerraformConfluentPlatformExample 2022-08-01T19:16:32Z logger.go:66:                       + advertisedURL            = {
TestTerraformConfluentPlatformExample 2022-08-01T19:16:32Z logger.go:66:                           + enabled = (known after apply)
TestTerraformConfluentPlatformExample 2022-08-01T19:16:32Z logger.go:66:                           + prefix  = (known after apply)
TestTerraformConfluentPlatformExample 2022-08-01T19:16:32Z logger.go:66:                         }
TestTerraformConfluentPlatformExample 2022-08-01T19:16:32Z logger.go:66:                       + annotations              = (known after apply)
TestTerraformConfluentPlatformExample 2022-08-01T19:16:32Z logger.go:66:                       + domain                   = (known after apply)
TestTerraformConfluentPlatformExample 2022-08-01T19:16:32Z logger.go:66:                       + externalTrafficPolicy    = (known after apply)
TestTerraformConfluentPlatformExample 2022-08-01T19:16:32Z logger.go:66:                       + labels                   = (known after apply)
TestTerraformConfluentPlatformExample 2022-08-01T19:16:32Z logger.go:66:                       + loadBalancerSourceRanges = (known after apply)
TestTerraformConfluentPlatformExample 2022-08-01T19:16:32Z logger.go:66:                       + port                     = (known after apply)
TestTerraformConfluentPlatformExample 2022-08-01T19:16:32Z logger.go:66:                       + prefix                   = (known after apply)
TestTerraformConfluentPlatformExample 2022-08-01T19:16:32Z logger.go:66:                       + servicePorts             = (known after apply)
TestTerraformConfluentPlatformExample 2022-08-01T19:16:32Z logger.go:66:                       + sessionAffinity          = (known after apply)
TestTerraformConfluentPlatformExample 2022-08-01T19:16:32Z logger.go:66:                       + sessionAffinityConfig    = {
TestTerraformConfluentPlatformExample 2022-08-01T19:16:32Z logger.go:66:                           + clientIP = {
TestTerraformConfluentPlatformExample 2022-08-01T19:16:32Z logger.go:66:                               + timeoutSeconds = (known after apply)
TestTerraformConfluentPlatformExample 2022-08-01T19:16:32Z logger.go:66:                             }
TestTerraformConfluentPlatformExample 2022-08-01T19:16:32Z logger.go:66:                         }
TestTerraformConfluentPlatformExample 2022-08-01T19:16:32Z logger.go:66:                     }
TestTerraformConfluentPlatformExample 2022-08-01T19:16:32Z logger.go:66:                   + nodePort     = {
TestTerraformConfluentPlatformExample 2022-08-01T19:16:32Z logger.go:66:                       + advertisedURL         = {
TestTerraformConfluentPlatformExample 2022-08-01T19:16:32Z logger.go:66:                           + enabled = (known after apply)
TestTerraformConfluentPlatformExample 2022-08-01T19:16:32Z logger.go:66:                           + prefix  = (known after apply)
TestTerraformConfluentPlatformExample 2022-08-01T19:16:32Z logger.go:66:                         }
TestTerraformConfluentPlatformExample 2022-08-01T19:16:32Z logger.go:66:                       + annotations           = (known after apply)
TestTerraformConfluentPlatformExample 2022-08-01T19:16:32Z logger.go:66:                       + externalTrafficPolicy = (known after apply)
TestTerraformConfluentPlatformExample 2022-08-01T19:16:32Z logger.go:66:                       + host                  = (known after apply)
TestTerraformConfluentPlatformExample 2022-08-01T19:16:32Z logger.go:66:                       + labels                = (known after apply)
TestTerraformConfluentPlatformExample 2022-08-01T19:16:32Z logger.go:66:                       + nodePortOffset        = (known after apply)
TestTerraformConfluentPlatformExample 2022-08-01T19:16:32Z logger.go:66:                       + servicePorts          = (known after apply)
TestTerraformConfluentPlatformExample 2022-08-01T19:16:32Z logger.go:66:                       + sessionAffinity       = (known after apply)
TestTerraformConfluentPlatformExample 2022-08-01T19:16:32Z logger.go:66:                       + sessionAffinityConfig = {
TestTerraformConfluentPlatformExample 2022-08-01T19:16:32Z logger.go:66:                           + clientIP = {
TestTerraformConfluentPlatformExample 2022-08-01T19:16:32Z logger.go:66:                               + timeoutSeconds = (known after apply)
TestTerraformConfluentPlatformExample 2022-08-01T19:16:32Z logger.go:66:                             }
TestTerraformConfluentPlatformExample 2022-08-01T19:16:32Z logger.go:66:                         }
TestTerraformConfluentPlatformExample 2022-08-01T19:16:32Z logger.go:66:                     }
TestTerraformConfluentPlatformExample 2022-08-01T19:16:32Z logger.go:66:                   + route        = {
TestTerraformConfluentPlatformExample 2022-08-01T19:16:32Z logger.go:66:                       + annotations    = (known after apply)
TestTerraformConfluentPlatformExample 2022-08-01T19:16:32Z logger.go:66:                       + domain         = (known after apply)
TestTerraformConfluentPlatformExample 2022-08-01T19:16:32Z logger.go:66:                       + labels         = (known after apply)
TestTerraformConfluentPlatformExample 2022-08-01T19:16:32Z logger.go:66:                       + prefix         = (known after apply)
TestTerraformConfluentPlatformExample 2022-08-01T19:16:32Z logger.go:66:                       + wildcardPolicy = (known after apply)
TestTerraformConfluentPlatformExample 2022-08-01T19:16:32Z logger.go:66:                     }
TestTerraformConfluentPlatformExample 2022-08-01T19:16:32Z logger.go:66:                   + type         = (known after apply)
TestTerraformConfluentPlatformExample 2022-08-01T19:16:32Z logger.go:66:                 }
TestTerraformConfluentPlatformExample 2022-08-01T19:16:32Z logger.go:66:               + headlessService                = {
TestTerraformConfluentPlatformExample 2022-08-01T19:16:32Z logger.go:66:                   + annotations              = (known after apply)
TestTerraformConfluentPlatformExample 2022-08-01T19:16:32Z logger.go:66:                   + labels                   = (known after apply)
TestTerraformConfluentPlatformExample 2022-08-01T19:16:32Z logger.go:66:                   + publishNotReadyAddresses = (known after apply)
TestTerraformConfluentPlatformExample 2022-08-01T19:16:32Z logger.go:66:                 }
TestTerraformConfluentPlatformExample 2022-08-01T19:16:32Z logger.go:66:               + image                          = {
TestTerraformConfluentPlatformExample 2022-08-01T19:16:32Z logger.go:66:                   + application   = "confluentinc/cp-ksqldb-server:7.2.0"
TestTerraformConfluentPlatformExample 2022-08-01T19:16:32Z logger.go:66:                   + init          = "confluentinc/confluent-init-container:2.4.0"
TestTerraformConfluentPlatformExample 2022-08-01T19:16:32Z logger.go:66:                   + pullPolicy    = (known after apply)
TestTerraformConfluentPlatformExample 2022-08-01T19:16:32Z logger.go:66:                   + pullSecretRef = (known after apply)
TestTerraformConfluentPlatformExample 2022-08-01T19:16:32Z logger.go:66:                 }
TestTerraformConfluentPlatformExample 2022-08-01T19:16:32Z logger.go:66:               + injectAnnotations              = (known after apply)
TestTerraformConfluentPlatformExample 2022-08-01T19:16:32Z logger.go:66:               + injectLabels                   = (known after apply)
TestTerraformConfluentPlatformExample 2022-08-01T19:16:32Z logger.go:66:               + internalTopicReplicationFactor = (known after apply)
TestTerraformConfluentPlatformExample 2022-08-01T19:16:32Z logger.go:66:               + k8sClusterDomain               = (known after apply)
TestTerraformConfluentPlatformExample 2022-08-01T19:16:32Z logger.go:66:               + license                        = {
TestTerraformConfluentPlatformExample 2022-08-01T19:16:32Z logger.go:66:                   + directoryPathInContainer = (known after apply)
TestTerraformConfluentPlatformExample 2022-08-01T19:16:32Z logger.go:66:                   + globalLicense            = (known after apply)
TestTerraformConfluentPlatformExample 2022-08-01T19:16:32Z logger.go:66:                   + secretRef                = (known after apply)
TestTerraformConfluentPlatformExample 2022-08-01T19:16:32Z logger.go:66:                 }
TestTerraformConfluentPlatformExample 2022-08-01T19:16:32Z logger.go:66:               + metrics                        = {
TestTerraformConfluentPlatformExample 2022-08-01T19:16:32Z logger.go:66:                   + authentication = {
TestTerraformConfluentPlatformExample 2022-08-01T19:16:32Z logger.go:66:                       + type = (known after apply)
TestTerraformConfluentPlatformExample 2022-08-01T19:16:32Z logger.go:66:                     }
TestTerraformConfluentPlatformExample 2022-08-01T19:16:32Z logger.go:66:                   + prometheus     = {
TestTerraformConfluentPlatformExample 2022-08-01T19:16:32Z logger.go:66:                       + blacklist = (known after apply)
TestTerraformConfluentPlatformExample 2022-08-01T19:16:32Z logger.go:66:                       + rules     = (known after apply)
TestTerraformConfluentPlatformExample 2022-08-01T19:16:32Z logger.go:66:                       + whitelist = (known after apply)
TestTerraformConfluentPlatformExample 2022-08-01T19:16:32Z logger.go:66:                     }
TestTerraformConfluentPlatformExample 2022-08-01T19:16:32Z logger.go:66:                   + tls            = {
TestTerraformConfluentPlatformExample 2022-08-01T19:16:32Z logger.go:66:                       + directoryPathInContainer = (known after apply)
TestTerraformConfluentPlatformExample 2022-08-01T19:16:32Z logger.go:66:                       + enabled                  = (known after apply)
TestTerraformConfluentPlatformExample 2022-08-01T19:16:32Z logger.go:66:                       + ignoreTrustStoreConfig   = (known after apply)
TestTerraformConfluentPlatformExample 2022-08-01T19:16:32Z logger.go:66:                       + jksPassword              = {
TestTerraformConfluentPlatformExample 2022-08-01T19:16:32Z logger.go:66:                           + secretRef = (known after apply)
TestTerraformConfluentPlatformExample 2022-08-01T19:16:32Z logger.go:66:                         }
TestTerraformConfluentPlatformExample 2022-08-01T19:16:32Z logger.go:66:                       + secretRef                = (known after apply)
TestTerraformConfluentPlatformExample 2022-08-01T19:16:32Z logger.go:66:                     }
TestTerraformConfluentPlatformExample 2022-08-01T19:16:32Z logger.go:66:                 }
TestTerraformConfluentPlatformExample 2022-08-01T19:16:32Z logger.go:66:               + mountedSecrets                 = (known after apply)
TestTerraformConfluentPlatformExample 2022-08-01T19:16:32Z logger.go:66:               + mountedVolumes                 = {
TestTerraformConfluentPlatformExample 2022-08-01T19:16:32Z logger.go:66:                   + volumeMounts = (known after apply)
TestTerraformConfluentPlatformExample 2022-08-01T19:16:32Z logger.go:66:                   + volumes      = (known after apply)
TestTerraformConfluentPlatformExample 2022-08-01T19:16:32Z logger.go:66:                 }
TestTerraformConfluentPlatformExample 2022-08-01T19:16:32Z logger.go:66:               + oneReplicaPerNode              = (known after apply)
TestTerraformConfluentPlatformExample 2022-08-01T19:16:32Z logger.go:66:               + podTemplate                    = {
TestTerraformConfluentPlatformExample 2022-08-01T19:16:32Z logger.go:66:                   + affinity                      = {
TestTerraformConfluentPlatformExample 2022-08-01T19:16:32Z logger.go:66:                       + nodeAffinity    = {
TestTerraformConfluentPlatformExample 2022-08-01T19:16:32Z logger.go:66:                           + preferredDuringSchedulingIgnoredDuringExecution = (known after apply)
TestTerraformConfluentPlatformExample 2022-08-01T19:16:32Z logger.go:66:                           + requiredDuringSchedulingIgnoredDuringExecution  = {
TestTerraformConfluentPlatformExample 2022-08-01T19:16:32Z logger.go:66:                               + nodeSelectorTerms = (known after apply)
TestTerraformConfluentPlatformExample 2022-08-01T19:16:32Z logger.go:66:                             }
TestTerraformConfluentPlatformExample 2022-08-01T19:16:32Z logger.go:66:                         }
TestTerraformConfluentPlatformExample 2022-08-01T19:16:32Z logger.go:66:                       + podAffinity     = {
TestTerraformConfluentPlatformExample 2022-08-01T19:16:32Z logger.go:66:                           + preferredDuringSchedulingIgnoredDuringExecution = (known after apply)
TestTerraformConfluentPlatformExample 2022-08-01T19:16:32Z logger.go:66:                           + requiredDuringSchedulingIgnoredDuringExecution  = (known after apply)
TestTerraformConfluentPlatformExample 2022-08-01T19:16:32Z logger.go:66:                         }
TestTerraformConfluentPlatformExample 2022-08-01T19:16:32Z logger.go:66:                       + podAntiAffinity = {
TestTerraformConfluentPlatformExample 2022-08-01T19:16:32Z logger.go:66:                           + preferredDuringSchedulingIgnoredDuringExecution = (known after apply)
TestTerraformConfluentPlatformExample 2022-08-01T19:16:32Z logger.go:66:                           + requiredDuringSchedulingIgnoredDuringExecution  = (known after apply)
TestTerraformConfluentPlatformExample 2022-08-01T19:16:32Z logger.go:66:                         }
TestTerraformConfluentPlatformExample 2022-08-01T19:16:32Z logger.go:66:                     }
TestTerraformConfluentPlatformExample 2022-08-01T19:16:32Z logger.go:66:                   + annotations                   = (known after apply)
TestTerraformConfluentPlatformExample 2022-08-01T19:16:32Z logger.go:66:                   + envVars                       = (known after apply)
TestTerraformConfluentPlatformExample 2022-08-01T19:16:32Z logger.go:66:                   + labels                        = (known after apply)
TestTerraformConfluentPlatformExample 2022-08-01T19:16:32Z logger.go:66:                   + podSecurityContext            = {
TestTerraformConfluentPlatformExample 2022-08-01T19:16:32Z logger.go:66:                       + fsGroup             = (known after apply)
TestTerraformConfluentPlatformExample 2022-08-01T19:16:32Z logger.go:66:                       + fsGroupChangePolicy = (known after apply)
TestTerraformConfluentPlatformExample 2022-08-01T19:16:32Z logger.go:66:                       + runAsGroup          = (known after apply)
TestTerraformConfluentPlatformExample 2022-08-01T19:16:32Z logger.go:66:                       + runAsNonRoot        = (known after apply)
TestTerraformConfluentPlatformExample 2022-08-01T19:16:32Z logger.go:66:                       + runAsUser           = (known after apply)
TestTerraformConfluentPlatformExample 2022-08-01T19:16:32Z logger.go:66:                       + seLinuxOptions      = {
TestTerraformConfluentPlatformExample 2022-08-01T19:16:32Z logger.go:66:                           + level = (known after apply)
TestTerraformConfluentPlatformExample 2022-08-01T19:16:32Z logger.go:66:                           + role  = (known after apply)
TestTerraformConfluentPlatformExample 2022-08-01T19:16:32Z logger.go:66:                           + type  = (known after apply)
TestTerraformConfluentPlatformExample 2022-08-01T19:16:32Z logger.go:66:                           + user  = (known after apply)
TestTerraformConfluentPlatformExample 2022-08-01T19:16:32Z logger.go:66:                         }
TestTerraformConfluentPlatformExample 2022-08-01T19:16:32Z logger.go:66:                       + seccompProfile      = {
TestTerraformConfluentPlatformExample 2022-08-01T19:16:32Z logger.go:66:                           + localhostProfile = (known after apply)
TestTerraformConfluentPlatformExample 2022-08-01T19:16:32Z logger.go:66:                           + type             = (known after apply)
TestTerraformConfluentPlatformExample 2022-08-01T19:16:32Z logger.go:66:                         }
TestTerraformConfluentPlatformExample 2022-08-01T19:16:32Z logger.go:66:                       + supplementalGroups  = (known after apply)
TestTerraformConfluentPlatformExample 2022-08-01T19:16:32Z logger.go:66:                       + sysctls             = (known after apply)
TestTerraformConfluentPlatformExample 2022-08-01T19:16:32Z logger.go:66:                       + windowsOptions      = {
TestTerraformConfluentPlatformExample 2022-08-01T19:16:32Z logger.go:66:                           + gmsaCredentialSpec     = (known after apply)
TestTerraformConfluentPlatformExample 2022-08-01T19:16:32Z logger.go:66:                           + gmsaCredentialSpecName = (known after apply)
TestTerraformConfluentPlatformExample 2022-08-01T19:16:32Z logger.go:66:                           + hostProcess            = (known after apply)
TestTerraformConfluentPlatformExample 2022-08-01T19:16:32Z logger.go:66:                           + runAsUserName          = (known after apply)
TestTerraformConfluentPlatformExample 2022-08-01T19:16:32Z logger.go:66:                         }
TestTerraformConfluentPlatformExample 2022-08-01T19:16:32Z logger.go:66:                     }
TestTerraformConfluentPlatformExample 2022-08-01T19:16:32Z logger.go:66:                   + priorityClassName             = (known after apply)
TestTerraformConfluentPlatformExample 2022-08-01T19:16:32Z logger.go:66:                   + probe                         = {
TestTerraformConfluentPlatformExample 2022-08-01T19:16:32Z logger.go:66:                       + liveness  = {
TestTerraformConfluentPlatformExample 2022-08-01T19:16:32Z logger.go:66:                           + failureThreshold    = (known after apply)
TestTerraformConfluentPlatformExample 2022-08-01T19:16:32Z logger.go:66:                           + initialDelaySeconds = (known after apply)
TestTerraformConfluentPlatformExample 2022-08-01T19:16:32Z logger.go:66:                           + periodSeconds       = (known after apply)
TestTerraformConfluentPlatformExample 2022-08-01T19:16:32Z logger.go:66:                           + successThreshold    = (known after apply)
TestTerraformConfluentPlatformExample 2022-08-01T19:16:32Z logger.go:66:                           + timeoutSeconds      = (known after apply)
TestTerraformConfluentPlatformExample 2022-08-01T19:16:32Z logger.go:66:                         }
TestTerraformConfluentPlatformExample 2022-08-01T19:16:32Z logger.go:66:                       + readiness = {
TestTerraformConfluentPlatformExample 2022-08-01T19:16:32Z logger.go:66:                           + failureThreshold    = (known after apply)
TestTerraformConfluentPlatformExample 2022-08-01T19:16:32Z logger.go:66:                           + initialDelaySeconds = (known after apply)
TestTerraformConfluentPlatformExample 2022-08-01T19:16:32Z logger.go:66:                           + periodSeconds       = (known after apply)
TestTerraformConfluentPlatformExample 2022-08-01T19:16:32Z logger.go:66:                           + successThreshold    = (known after apply)
TestTerraformConfluentPlatformExample 2022-08-01T19:16:32Z logger.go:66:                           + timeoutSeconds      = (known after apply)
TestTerraformConfluentPlatformExample 2022-08-01T19:16:32Z logger.go:66:                         }
TestTerraformConfluentPlatformExample 2022-08-01T19:16:32Z logger.go:66:                     }
TestTerraformConfluentPlatformExample 2022-08-01T19:16:32Z logger.go:66:                   + resources                     = {
TestTerraformConfluentPlatformExample 2022-08-01T19:16:32Z logger.go:66:                       + limits   = (known after apply)
TestTerraformConfluentPlatformExample 2022-08-01T19:16:32Z logger.go:66:                       + requests = (known after apply)
TestTerraformConfluentPlatformExample 2022-08-01T19:16:32Z logger.go:66:                     }
TestTerraformConfluentPlatformExample 2022-08-01T19:16:32Z logger.go:66:                   + securityContext               = {
TestTerraformConfluentPlatformExample 2022-08-01T19:16:32Z logger.go:66:                       + allowPrivilegeEscalation = (known after apply)
TestTerraformConfluentPlatformExample 2022-08-01T19:16:32Z logger.go:66:                       + capabilities             = {
TestTerraformConfluentPlatformExample 2022-08-01T19:16:32Z logger.go:66:                           + add  = (known after apply)
TestTerraformConfluentPlatformExample 2022-08-01T19:16:32Z logger.go:66:                           + drop = (known after apply)
TestTerraformConfluentPlatformExample 2022-08-01T19:16:32Z logger.go:66:                         }
TestTerraformConfluentPlatformExample 2022-08-01T19:16:32Z logger.go:66:                       + privileged               = (known after apply)
TestTerraformConfluentPlatformExample 2022-08-01T19:16:32Z logger.go:66:                       + procMount                = (known after apply)
TestTerraformConfluentPlatformExample 2022-08-01T19:16:32Z logger.go:66:                       + readOnlyRootFilesystem   = (known after apply)
TestTerraformConfluentPlatformExample 2022-08-01T19:16:32Z logger.go:66:                       + runAsGroup               = (known after apply)
TestTerraformConfluentPlatformExample 2022-08-01T19:16:32Z logger.go:66:                       + runAsNonRoot             = (known after apply)
TestTerraformConfluentPlatformExample 2022-08-01T19:16:32Z logger.go:66:                       + runAsUser                = (known after apply)
TestTerraformConfluentPlatformExample 2022-08-01T19:16:32Z logger.go:66:                       + seLinuxOptions           = {
TestTerraformConfluentPlatformExample 2022-08-01T19:16:32Z logger.go:66:                           + level = (known after apply)
TestTerraformConfluentPlatformExample 2022-08-01T19:16:32Z logger.go:66:                           + role  = (known after apply)
TestTerraformConfluentPlatformExample 2022-08-01T19:16:32Z logger.go:66:                           + type  = (known after apply)
TestTerraformConfluentPlatformExample 2022-08-01T19:16:32Z logger.go:66:                           + user  = (known after apply)
TestTerraformConfluentPlatformExample 2022-08-01T19:16:32Z logger.go:66:                         }
TestTerraformConfluentPlatformExample 2022-08-01T19:16:32Z logger.go:66:                       + seccompProfile           = {
TestTerraformConfluentPlatformExample 2022-08-01T19:16:32Z logger.go:66:                           + localhostProfile = (known after apply)
TestTerraformConfluentPlatformExample 2022-08-01T19:16:32Z logger.go:66:                           + type             = (known after apply)
TestTerraformConfluentPlatformExample 2022-08-01T19:16:32Z logger.go:66:                         }
TestTerraformConfluentPlatformExample 2022-08-01T19:16:32Z logger.go:66:                       + windowsOptions           = {
TestTerraformConfluentPlatformExample 2022-08-01T19:16:32Z logger.go:66:                           + gmsaCredentialSpec     = (known after apply)
TestTerraformConfluentPlatformExample 2022-08-01T19:16:32Z logger.go:66:                           + gmsaCredentialSpecName = (known after apply)
TestTerraformConfluentPlatformExample 2022-08-01T19:16:32Z logger.go:66:                           + hostProcess            = (known after apply)
TestTerraformConfluentPlatformExample 2022-08-01T19:16:32Z logger.go:66:                           + runAsUserName          = (known after apply)
TestTerraformConfluentPlatformExample 2022-08-01T19:16:32Z logger.go:66:                         }
TestTerraformConfluentPlatformExample 2022-08-01T19:16:32Z logger.go:66:                     }
TestTerraformConfluentPlatformExample 2022-08-01T19:16:32Z logger.go:66:                   + serviceAccountName            = (known after apply)
TestTerraformConfluentPlatformExample 2022-08-01T19:16:32Z logger.go:66:                   + terminationGracePeriodSeconds = (known after apply)
TestTerraformConfluentPlatformExample 2022-08-01T19:16:32Z logger.go:66:                   + tolerations                   = (known after apply)
TestTerraformConfluentPlatformExample 2022-08-01T19:16:32Z logger.go:66:                   + topologySpreadConstraints     = (known after apply)
TestTerraformConfluentPlatformExample 2022-08-01T19:16:32Z logger.go:66:                 }
TestTerraformConfluentPlatformExample 2022-08-01T19:16:32Z logger.go:66:               + replicas                       = 1
TestTerraformConfluentPlatformExample 2022-08-01T19:16:32Z logger.go:66:               + storageClass                   = {
TestTerraformConfluentPlatformExample 2022-08-01T19:16:32Z logger.go:66:                   + name = (known after apply)
TestTerraformConfluentPlatformExample 2022-08-01T19:16:32Z logger.go:66:                 }
TestTerraformConfluentPlatformExample 2022-08-01T19:16:32Z logger.go:66:               + telemetry                      = {
TestTerraformConfluentPlatformExample 2022-08-01T19:16:32Z logger.go:66:                   + global = (known after apply)
TestTerraformConfluentPlatformExample 2022-08-01T19:16:32Z logger.go:66:                 }
TestTerraformConfluentPlatformExample 2022-08-01T19:16:32Z logger.go:66:               + tls                            = {
TestTerraformConfluentPlatformExample 2022-08-01T19:16:32Z logger.go:66:                   + autoGeneratedCerts       = (known after apply)
TestTerraformConfluentPlatformExample 2022-08-01T19:16:32Z logger.go:66:                   + directoryPathInContainer = (known after apply)
TestTerraformConfluentPlatformExample 2022-08-01T19:16:32Z logger.go:66:                   + ignoreTrustStoreConfig   = (known after apply)
TestTerraformConfluentPlatformExample 2022-08-01T19:16:32Z logger.go:66:                   + jksPassword              = {
TestTerraformConfluentPlatformExample 2022-08-01T19:16:32Z logger.go:66:                       + secretRef = (known after apply)
TestTerraformConfluentPlatformExample 2022-08-01T19:16:32Z logger.go:66:                     }
TestTerraformConfluentPlatformExample 2022-08-01T19:16:32Z logger.go:66:                   + secretRef                = (known after apply)
TestTerraformConfluentPlatformExample 2022-08-01T19:16:32Z logger.go:66:                 }
TestTerraformConfluentPlatformExample 2022-08-01T19:16:32Z logger.go:66:             }
TestTerraformConfluentPlatformExample 2022-08-01T19:16:32Z logger.go:66:         }
TestTerraformConfluentPlatformExample 2022-08-01T19:16:32Z logger.go:66:
TestTerraformConfluentPlatformExample 2022-08-01T19:16:32Z logger.go:66:       + timeouts {
TestTerraformConfluentPlatformExample 2022-08-01T19:16:32Z logger.go:66:           + create = "1h"
TestTerraformConfluentPlatformExample 2022-08-01T19:16:32Z logger.go:66:           + delete = "10m"
TestTerraformConfluentPlatformExample 2022-08-01T19:16:32Z logger.go:66:           + update = "1h"
TestTerraformConfluentPlatformExample 2022-08-01T19:16:32Z logger.go:66:         }
TestTerraformConfluentPlatformExample 2022-08-01T19:16:32Z logger.go:66:
TestTerraformConfluentPlatformExample 2022-08-01T19:16:32Z logger.go:66:       + wait {
TestTerraformConfluentPlatformExample 2022-08-01T19:16:32Z logger.go:66:           + fields = {
TestTerraformConfluentPlatformExample 2022-08-01T19:16:32Z logger.go:66:               + "status.phase" = "RUNNING"
TestTerraformConfluentPlatformExample 2022-08-01T19:16:32Z logger.go:66:             }
TestTerraformConfluentPlatformExample 2022-08-01T19:16:32Z logger.go:66:         }
TestTerraformConfluentPlatformExample 2022-08-01T19:16:32Z logger.go:66:     }
TestTerraformConfluentPlatformExample 2022-08-01T19:16:32Z logger.go:66:
TestTerraformConfluentPlatformExample 2022-08-01T19:16:32Z logger.go:66:   # module.confluent_platform.kubernetes_manifest.components["schemaregistry"] will be created
TestTerraformConfluentPlatformExample 2022-08-01T19:16:32Z logger.go:66:   + resource "kubernetes_manifest" "components" {
TestTerraformConfluentPlatformExample 2022-08-01T19:16:32Z logger.go:66:       + computed_fields = [
TestTerraformConfluentPlatformExample 2022-08-01T19:16:32Z logger.go:66:           + "metadata.finalizers",
TestTerraformConfluentPlatformExample 2022-08-01T19:16:32Z logger.go:66:         ]
TestTerraformConfluentPlatformExample 2022-08-01T19:16:32Z logger.go:66:       + manifest        = {
TestTerraformConfluentPlatformExample 2022-08-01T19:16:32Z logger.go:66:           + apiVersion = "platform.confluent.io/v1beta1"
TestTerraformConfluentPlatformExample 2022-08-01T19:16:32Z logger.go:66:           + kind       = "SchemaRegistry"
TestTerraformConfluentPlatformExample 2022-08-01T19:16:32Z logger.go:66:           + metadata   = {
TestTerraformConfluentPlatformExample 2022-08-01T19:16:32Z logger.go:66:               + name      = "schemaregistry"
TestTerraformConfluentPlatformExample 2022-08-01T19:16:32Z logger.go:66:               + namespace = "confluent"
TestTerraformConfluentPlatformExample 2022-08-01T19:16:32Z logger.go:66:             }
TestTerraformConfluentPlatformExample 2022-08-01T19:16:32Z logger.go:66:           + spec       = {
TestTerraformConfluentPlatformExample 2022-08-01T19:16:32Z logger.go:66:               + image    = {
TestTerraformConfluentPlatformExample 2022-08-01T19:16:32Z logger.go:66:                   + application = "confluentinc/cp-schema-registry:7.2.0"
TestTerraformConfluentPlatformExample 2022-08-01T19:16:32Z logger.go:66:                   + init        = "confluentinc/confluent-init-container:2.4.0"
TestTerraformConfluentPlatformExample 2022-08-01T19:16:32Z logger.go:66:                 }
TestTerraformConfluentPlatformExample 2022-08-01T19:16:32Z logger.go:66:               + replicas = 3
TestTerraformConfluentPlatformExample 2022-08-01T19:16:32Z logger.go:66:             }
TestTerraformConfluentPlatformExample 2022-08-01T19:16:32Z logger.go:66:         }
TestTerraformConfluentPlatformExample 2022-08-01T19:16:32Z logger.go:66:       + object          = {
TestTerraformConfluentPlatformExample 2022-08-01T19:16:32Z logger.go:66:           + apiVersion = "platform.confluent.io/v1beta1"
TestTerraformConfluentPlatformExample 2022-08-01T19:16:32Z logger.go:66:           + kind       = "SchemaRegistry"
TestTerraformConfluentPlatformExample 2022-08-01T19:16:32Z logger.go:66:           + metadata   = {
TestTerraformConfluentPlatformExample 2022-08-01T19:16:32Z logger.go:66:               + annotations                = (known after apply)
TestTerraformConfluentPlatformExample 2022-08-01T19:16:32Z logger.go:66:               + clusterName                = (known after apply)
TestTerraformConfluentPlatformExample 2022-08-01T19:16:32Z logger.go:66:               + creationTimestamp          = (known after apply)
TestTerraformConfluentPlatformExample 2022-08-01T19:16:32Z logger.go:66:               + deletionGracePeriodSeconds = (known after apply)
TestTerraformConfluentPlatformExample 2022-08-01T19:16:32Z logger.go:66:               + deletionTimestamp          = (known after apply)
TestTerraformConfluentPlatformExample 2022-08-01T19:16:32Z logger.go:66:               + finalizers                 = (known after apply)
TestTerraformConfluentPlatformExample 2022-08-01T19:16:32Z logger.go:66:               + generateName               = (known after apply)
TestTerraformConfluentPlatformExample 2022-08-01T19:16:32Z logger.go:66:               + generation                 = (known after apply)
TestTerraformConfluentPlatformExample 2022-08-01T19:16:32Z logger.go:66:               + labels                     = (known after apply)
TestTerraformConfluentPlatformExample 2022-08-01T19:16:32Z logger.go:66:               + managedFields              = (known after apply)
TestTerraformConfluentPlatformExample 2022-08-01T19:16:32Z logger.go:66:               + name                       = "schemaregistry"
TestTerraformConfluentPlatformExample 2022-08-01T19:16:32Z logger.go:66:               + namespace                  = "confluent"
TestTerraformConfluentPlatformExample 2022-08-01T19:16:32Z logger.go:66:               + ownerReferences            = (known after apply)
TestTerraformConfluentPlatformExample 2022-08-01T19:16:32Z logger.go:66:               + resourceVersion            = (known after apply)
TestTerraformConfluentPlatformExample 2022-08-01T19:16:32Z logger.go:66:               + selfLink                   = (known after apply)
TestTerraformConfluentPlatformExample 2022-08-01T19:16:32Z logger.go:66:               + uid                        = (known after apply)
TestTerraformConfluentPlatformExample 2022-08-01T19:16:32Z logger.go:66:             }
TestTerraformConfluentPlatformExample 2022-08-01T19:16:32Z logger.go:66:           + spec       = {
TestTerraformConfluentPlatformExample 2022-08-01T19:16:32Z logger.go:66:               + authentication                = {
TestTerraformConfluentPlatformExample 2022-08-01T19:16:32Z logger.go:66:                   + basic = {
TestTerraformConfluentPlatformExample 2022-08-01T19:16:32Z logger.go:66:                       + debug                    = (known after apply)
TestTerraformConfluentPlatformExample 2022-08-01T19:16:32Z logger.go:66:                       + directoryPathInContainer = (known after apply)
TestTerraformConfluentPlatformExample 2022-08-01T19:16:32Z logger.go:66:                       + restrictedRoles          = (known after apply)
TestTerraformConfluentPlatformExample 2022-08-01T19:16:32Z logger.go:66:                       + roles                    = (known after apply)
TestTerraformConfluentPlatformExample 2022-08-01T19:16:32Z logger.go:66:                       + secretRef                = (known after apply)
TestTerraformConfluentPlatformExample 2022-08-01T19:16:32Z logger.go:66:                     }
TestTerraformConfluentPlatformExample 2022-08-01T19:16:32Z logger.go:66:                   + type  = (known after apply)
TestTerraformConfluentPlatformExample 2022-08-01T19:16:32Z logger.go:66:                 }
TestTerraformConfluentPlatformExample 2022-08-01T19:16:32Z logger.go:66:               + authorization                 = {
TestTerraformConfluentPlatformExample 2022-08-01T19:16:32Z logger.go:66:                   + kafkaRestClassRef = {
TestTerraformConfluentPlatformExample 2022-08-01T19:16:32Z logger.go:66:                       + name      = (known after apply)
TestTerraformConfluentPlatformExample 2022-08-01T19:16:32Z logger.go:66:                       + namespace = (known after apply)
TestTerraformConfluentPlatformExample 2022-08-01T19:16:32Z logger.go:66:                     }
TestTerraformConfluentPlatformExample 2022-08-01T19:16:32Z logger.go:66:                   + type              = (known after apply)
TestTerraformConfluentPlatformExample 2022-08-01T19:16:32Z logger.go:66:                 }
TestTerraformConfluentPlatformExample 2022-08-01T19:16:32Z logger.go:66:               + configOverrides               = {
TestTerraformConfluentPlatformExample 2022-08-01T19:16:32Z logger.go:66:                   + jvm    = (known after apply)
TestTerraformConfluentPlatformExample 2022-08-01T19:16:32Z logger.go:66:                   + log4j  = (known after apply)
TestTerraformConfluentPlatformExample 2022-08-01T19:16:32Z logger.go:66:                   + server = (known after apply)
TestTerraformConfluentPlatformExample 2022-08-01T19:16:32Z logger.go:66:                 }
TestTerraformConfluentPlatformExample 2022-08-01T19:16:32Z logger.go:66:               + dependencies                  = {
TestTerraformConfluentPlatformExample 2022-08-01T19:16:32Z logger.go:66:                   + kafka = {
TestTerraformConfluentPlatformExample 2022-08-01T19:16:32Z logger.go:66:                       + authentication    = {
TestTerraformConfluentPlatformExample 2022-08-01T19:16:32Z logger.go:66:                           + jaasConfig            = {
TestTerraformConfluentPlatformExample 2022-08-01T19:16:32Z logger.go:66:                               + secretRef = (known after apply)
TestTerraformConfluentPlatformExample 2022-08-01T19:16:32Z logger.go:66:                             }
TestTerraformConfluentPlatformExample 2022-08-01T19:16:32Z logger.go:66:                           + jaasConfigPassThrough = {
TestTerraformConfluentPlatformExample 2022-08-01T19:16:32Z logger.go:66:                               + directoryPathInContainer = (known after apply)
TestTerraformConfluentPlatformExample 2022-08-01T19:16:32Z logger.go:66:                               + secretRef                = (known after apply)
TestTerraformConfluentPlatformExample 2022-08-01T19:16:32Z logger.go:66:                             }
TestTerraformConfluentPlatformExample 2022-08-01T19:16:32Z logger.go:66:                           + oauthbearer           = {
TestTerraformConfluentPlatformExample 2022-08-01T19:16:32Z logger.go:66:                               + directoryPathInContainer = (known after apply)
TestTerraformConfluentPlatformExample 2022-08-01T19:16:32Z logger.go:66:                               + secretRef                = (known after apply)
TestTerraformConfluentPlatformExample 2022-08-01T19:16:32Z logger.go:66:                             }
TestTerraformConfluentPlatformExample 2022-08-01T19:16:32Z logger.go:66:                           + type                  = (known after apply)
TestTerraformConfluentPlatformExample 2022-08-01T19:16:32Z logger.go:66:                         }
TestTerraformConfluentPlatformExample 2022-08-01T19:16:32Z logger.go:66:                       + bootstrapEndpoint = (known after apply)
TestTerraformConfluentPlatformExample 2022-08-01T19:16:32Z logger.go:66:                       + discovery         = {
TestTerraformConfluentPlatformExample 2022-08-01T19:16:32Z logger.go:66:                           + name      = (known after apply)
TestTerraformConfluentPlatformExample 2022-08-01T19:16:32Z logger.go:66:                           + namespace = (known after apply)
TestTerraformConfluentPlatformExample 2022-08-01T19:16:32Z logger.go:66:                           + secretRef = (known after apply)
TestTerraformConfluentPlatformExample 2022-08-01T19:16:32Z logger.go:66:                         }
TestTerraformConfluentPlatformExample 2022-08-01T19:16:32Z logger.go:66:                       + tls               = {
TestTerraformConfluentPlatformExample 2022-08-01T19:16:32Z logger.go:66:                           + directoryPathInContainer = (known after apply)
TestTerraformConfluentPlatformExample 2022-08-01T19:16:32Z logger.go:66:                           + enabled                  = (known after apply)
TestTerraformConfluentPlatformExample 2022-08-01T19:16:32Z logger.go:66:                           + ignoreTrustStoreConfig   = (known after apply)
TestTerraformConfluentPlatformExample 2022-08-01T19:16:32Z logger.go:66:                           + jksPassword              = {
TestTerraformConfluentPlatformExample 2022-08-01T19:16:32Z logger.go:66:                               + secretRef = (known after apply)
TestTerraformConfluentPlatformExample 2022-08-01T19:16:32Z logger.go:66:                             }
TestTerraformConfluentPlatformExample 2022-08-01T19:16:32Z logger.go:66:                           + secretRef                = (known after apply)
TestTerraformConfluentPlatformExample 2022-08-01T19:16:32Z logger.go:66:                         }
TestTerraformConfluentPlatformExample 2022-08-01T19:16:32Z logger.go:66:                     }
TestTerraformConfluentPlatformExample 2022-08-01T19:16:32Z logger.go:66:                   + mds   = {
TestTerraformConfluentPlatformExample 2022-08-01T19:16:32Z logger.go:66:                       + authentication = {
TestTerraformConfluentPlatformExample 2022-08-01T19:16:32Z logger.go:66:                           + bearer = {
TestTerraformConfluentPlatformExample 2022-08-01T19:16:32Z logger.go:66:                               + directoryPathInContainer = (known after apply)
TestTerraformConfluentPlatformExample 2022-08-01T19:16:32Z logger.go:66:                               + secretRef                = (known after apply)
TestTerraformConfluentPlatformExample 2022-08-01T19:16:32Z logger.go:66:                             }
TestTerraformConfluentPlatformExample 2022-08-01T19:16:32Z logger.go:66:                           + type   = (known after apply)
TestTerraformConfluentPlatformExample 2022-08-01T19:16:32Z logger.go:66:                         }
TestTerraformConfluentPlatformExample 2022-08-01T19:16:32Z logger.go:66:                       + endpoint       = (known after apply)
TestTerraformConfluentPlatformExample 2022-08-01T19:16:32Z logger.go:66:                       + tls            = {
TestTerraformConfluentPlatformExample 2022-08-01T19:16:32Z logger.go:66:                           + directoryPathInContainer = (known after apply)
TestTerraformConfluentPlatformExample 2022-08-01T19:16:32Z logger.go:66:                           + enabled                  = (known after apply)
TestTerraformConfluentPlatformExample 2022-08-01T19:16:32Z logger.go:66:                           + ignoreTrustStoreConfig   = (known after apply)
TestTerraformConfluentPlatformExample 2022-08-01T19:16:32Z logger.go:66:                           + jksPassword              = {
TestTerraformConfluentPlatformExample 2022-08-01T19:16:32Z logger.go:66:                               + secretRef = (known after apply)
TestTerraformConfluentPlatformExample 2022-08-01T19:16:32Z logger.go:66:                             }
TestTerraformConfluentPlatformExample 2022-08-01T19:16:32Z logger.go:66:                           + secretRef                = (known after apply)
TestTerraformConfluentPlatformExample 2022-08-01T19:16:32Z logger.go:66:                         }
TestTerraformConfluentPlatformExample 2022-08-01T19:16:32Z logger.go:66:                       + tokenKeyPair   = {
TestTerraformConfluentPlatformExample 2022-08-01T19:16:32Z logger.go:66:                           + directoryPathInContainer = (known after apply)
TestTerraformConfluentPlatformExample 2022-08-01T19:16:32Z logger.go:66:                           + secretRef                = (known after apply)
TestTerraformConfluentPlatformExample 2022-08-01T19:16:32Z logger.go:66:                         }
TestTerraformConfluentPlatformExample 2022-08-01T19:16:32Z logger.go:66:                     }
TestTerraformConfluentPlatformExample 2022-08-01T19:16:32Z logger.go:66:                 }
TestTerraformConfluentPlatformExample 2022-08-01T19:16:32Z logger.go:66:               + enableSchemaExporter          = (known after apply)
TestTerraformConfluentPlatformExample 2022-08-01T19:16:32Z logger.go:66:               + externalAccess                = {
TestTerraformConfluentPlatformExample 2022-08-01T19:16:32Z logger.go:66:                   + loadBalancer = {
TestTerraformConfluentPlatformExample 2022-08-01T19:16:32Z logger.go:66:                       + advertisedURL            = {
TestTerraformConfluentPlatformExample 2022-08-01T19:16:32Z logger.go:66:                           + enabled = (known after apply)
TestTerraformConfluentPlatformExample 2022-08-01T19:16:32Z logger.go:66:                           + prefix  = (known after apply)
TestTerraformConfluentPlatformExample 2022-08-01T19:16:32Z logger.go:66:                         }
TestTerraformConfluentPlatformExample 2022-08-01T19:16:32Z logger.go:66:                       + annotations              = (known after apply)
TestTerraformConfluentPlatformExample 2022-08-01T19:16:32Z logger.go:66:                       + domain                   = (known after apply)
TestTerraformConfluentPlatformExample 2022-08-01T19:16:32Z logger.go:66:                       + externalTrafficPolicy    = (known after apply)
TestTerraformConfluentPlatformExample 2022-08-01T19:16:32Z logger.go:66:                       + labels                   = (known after apply)
TestTerraformConfluentPlatformExample 2022-08-01T19:16:32Z logger.go:66:                       + loadBalancerSourceRanges = (known after apply)
TestTerraformConfluentPlatformExample 2022-08-01T19:16:32Z logger.go:66:                       + port                     = (known after apply)
TestTerraformConfluentPlatformExample 2022-08-01T19:16:32Z logger.go:66:                       + prefix                   = (known after apply)
TestTerraformConfluentPlatformExample 2022-08-01T19:16:32Z logger.go:66:                       + servicePorts             = (known after apply)
TestTerraformConfluentPlatformExample 2022-08-01T19:16:32Z logger.go:66:                       + sessionAffinity          = (known after apply)
TestTerraformConfluentPlatformExample 2022-08-01T19:16:32Z logger.go:66:                       + sessionAffinityConfig    = {
TestTerraformConfluentPlatformExample 2022-08-01T19:16:32Z logger.go:66:                           + clientIP = {
TestTerraformConfluentPlatformExample 2022-08-01T19:16:32Z logger.go:66:                               + timeoutSeconds = (known after apply)
TestTerraformConfluentPlatformExample 2022-08-01T19:16:32Z logger.go:66:                             }
TestTerraformConfluentPlatformExample 2022-08-01T19:16:32Z logger.go:66:                         }
TestTerraformConfluentPlatformExample 2022-08-01T19:16:32Z logger.go:66:                     }
TestTerraformConfluentPlatformExample 2022-08-01T19:16:32Z logger.go:66:                   + nodePort     = {
TestTerraformConfluentPlatformExample 2022-08-01T19:16:32Z logger.go:66:                       + advertisedURL         = {
TestTerraformConfluentPlatformExample 2022-08-01T19:16:32Z logger.go:66:                           + enabled = (known after apply)
TestTerraformConfluentPlatformExample 2022-08-01T19:16:32Z logger.go:66:                           + prefix  = (known after apply)
TestTerraformConfluentPlatformExample 2022-08-01T19:16:32Z logger.go:66:                         }
TestTerraformConfluentPlatformExample 2022-08-01T19:16:32Z logger.go:66:                       + annotations           = (known after apply)
TestTerraformConfluentPlatformExample 2022-08-01T19:16:32Z logger.go:66:                       + externalTrafficPolicy = (known after apply)
TestTerraformConfluentPlatformExample 2022-08-01T19:16:32Z logger.go:66:                       + host                  = (known after apply)
TestTerraformConfluentPlatformExample 2022-08-01T19:16:32Z logger.go:66:                       + labels                = (known after apply)
TestTerraformConfluentPlatformExample 2022-08-01T19:16:32Z logger.go:66:                       + nodePortOffset        = (known after apply)
TestTerraformConfluentPlatformExample 2022-08-01T19:16:32Z logger.go:66:                       + servicePorts          = (known after apply)
TestTerraformConfluentPlatformExample 2022-08-01T19:16:32Z logger.go:66:                       + sessionAffinity       = (known after apply)
TestTerraformConfluentPlatformExample 2022-08-01T19:16:32Z logger.go:66:                       + sessionAffinityConfig = {
TestTerraformConfluentPlatformExample 2022-08-01T19:16:32Z logger.go:66:                           + clientIP = {
TestTerraformConfluentPlatformExample 2022-08-01T19:16:32Z logger.go:66:                               + timeoutSeconds = (known after apply)
TestTerraformConfluentPlatformExample 2022-08-01T19:16:32Z logger.go:66:                             }
TestTerraformConfluentPlatformExample 2022-08-01T19:16:32Z logger.go:66:                         }
TestTerraformConfluentPlatformExample 2022-08-01T19:16:32Z logger.go:66:                     }
TestTerraformConfluentPlatformExample 2022-08-01T19:16:32Z logger.go:66:                   + route        = {
TestTerraformConfluentPlatformExample 2022-08-01T19:16:32Z logger.go:66:                       + annotations    = (known after apply)
TestTerraformConfluentPlatformExample 2022-08-01T19:16:32Z logger.go:66:                       + domain         = (known after apply)
TestTerraformConfluentPlatformExample 2022-08-01T19:16:32Z logger.go:66:                       + labels         = (known after apply)
TestTerraformConfluentPlatformExample 2022-08-01T19:16:32Z logger.go:66:                       + prefix         = (known after apply)
TestTerraformConfluentPlatformExample 2022-08-01T19:16:32Z logger.go:66:                       + wildcardPolicy = (known after apply)
TestTerraformConfluentPlatformExample 2022-08-01T19:16:32Z logger.go:66:                     }
TestTerraformConfluentPlatformExample 2022-08-01T19:16:32Z logger.go:66:                   + type         = (known after apply)
TestTerraformConfluentPlatformExample 2022-08-01T19:16:32Z logger.go:66:                 }
TestTerraformConfluentPlatformExample 2022-08-01T19:16:32Z logger.go:66:               + headlessService               = {
TestTerraformConfluentPlatformExample 2022-08-01T19:16:32Z logger.go:66:                   + annotations              = (known after apply)
TestTerraformConfluentPlatformExample 2022-08-01T19:16:32Z logger.go:66:                   + labels                   = (known after apply)
TestTerraformConfluentPlatformExample 2022-08-01T19:16:32Z logger.go:66:                   + publishNotReadyAddresses = (known after apply)
TestTerraformConfluentPlatformExample 2022-08-01T19:16:32Z logger.go:66:                 }
TestTerraformConfluentPlatformExample 2022-08-01T19:16:32Z logger.go:66:               + image                         = {
TestTerraformConfluentPlatformExample 2022-08-01T19:16:32Z logger.go:66:                   + application   = "confluentinc/cp-schema-registry:7.2.0"
TestTerraformConfluentPlatformExample 2022-08-01T19:16:32Z logger.go:66:                   + init          = "confluentinc/confluent-init-container:2.4.0"
TestTerraformConfluentPlatformExample 2022-08-01T19:16:32Z logger.go:66:                   + pullPolicy    = (known after apply)
TestTerraformConfluentPlatformExample 2022-08-01T19:16:32Z logger.go:66:                   + pullSecretRef = (known after apply)
TestTerraformConfluentPlatformExample 2022-08-01T19:16:32Z logger.go:66:                 }
TestTerraformConfluentPlatformExample 2022-08-01T19:16:32Z logger.go:66:               + injectAnnotations             = (known after apply)
TestTerraformConfluentPlatformExample 2022-08-01T19:16:32Z logger.go:66:               + injectLabels                  = (known after apply)
TestTerraformConfluentPlatformExample 2022-08-01T19:16:32Z logger.go:66:               + internalTopicReplicatorFactor = (known after apply)
TestTerraformConfluentPlatformExample 2022-08-01T19:16:32Z logger.go:66:               + k8sClusterDomain              = (known after apply)
TestTerraformConfluentPlatformExample 2022-08-01T19:16:32Z logger.go:66:               + license                       = {
TestTerraformConfluentPlatformExample 2022-08-01T19:16:32Z logger.go:66:                   + directoryPathInContainer = (known after apply)
TestTerraformConfluentPlatformExample 2022-08-01T19:16:32Z logger.go:66:                   + globalLicense            = (known after apply)
TestTerraformConfluentPlatformExample 2022-08-01T19:16:32Z logger.go:66:                   + secretRef                = (known after apply)
TestTerraformConfluentPlatformExample 2022-08-01T19:16:32Z logger.go:66:                 }
TestTerraformConfluentPlatformExample 2022-08-01T19:16:32Z logger.go:66:               + metrics                       = {
TestTerraformConfluentPlatformExample 2022-08-01T19:16:32Z logger.go:66:                   + authentication = {
TestTerraformConfluentPlatformExample 2022-08-01T19:16:32Z logger.go:66:                       + type = (known after apply)
TestTerraformConfluentPlatformExample 2022-08-01T19:16:32Z logger.go:66:                     }
TestTerraformConfluentPlatformExample 2022-08-01T19:16:32Z logger.go:66:                   + prometheus     = {
TestTerraformConfluentPlatformExample 2022-08-01T19:16:32Z logger.go:66:                       + blacklist = (known after apply)
TestTerraformConfluentPlatformExample 2022-08-01T19:16:32Z logger.go:66:                       + rules     = (known after apply)
TestTerraformConfluentPlatformExample 2022-08-01T19:16:32Z logger.go:66:                       + whitelist = (known after apply)
TestTerraformConfluentPlatformExample 2022-08-01T19:16:32Z logger.go:66:                     }
TestTerraformConfluentPlatformExample 2022-08-01T19:16:32Z logger.go:66:                   + tls            = {
TestTerraformConfluentPlatformExample 2022-08-01T19:16:32Z logger.go:66:                       + directoryPathInContainer = (known after apply)
TestTerraformConfluentPlatformExample 2022-08-01T19:16:32Z logger.go:66:                       + enabled                  = (known after apply)
TestTerraformConfluentPlatformExample 2022-08-01T19:16:32Z logger.go:66:                       + ignoreTrustStoreConfig   = (known after apply)
TestTerraformConfluentPlatformExample 2022-08-01T19:16:32Z logger.go:66:                       + jksPassword              = {
TestTerraformConfluentPlatformExample 2022-08-01T19:16:32Z logger.go:66:                           + secretRef = (known after apply)
TestTerraformConfluentPlatformExample 2022-08-01T19:16:32Z logger.go:66:                         }
TestTerraformConfluentPlatformExample 2022-08-01T19:16:32Z logger.go:66:                       + secretRef                = (known after apply)
TestTerraformConfluentPlatformExample 2022-08-01T19:16:32Z logger.go:66:                     }
TestTerraformConfluentPlatformExample 2022-08-01T19:16:32Z logger.go:66:                 }
TestTerraformConfluentPlatformExample 2022-08-01T19:16:32Z logger.go:66:               + mountedSecrets                = (known after apply)
TestTerraformConfluentPlatformExample 2022-08-01T19:16:32Z logger.go:66:               + mountedVolumes                = {
TestTerraformConfluentPlatformExample 2022-08-01T19:16:32Z logger.go:66:                   + volumeMounts = (known after apply)
TestTerraformConfluentPlatformExample 2022-08-01T19:16:32Z logger.go:66:                   + volumes      = (known after apply)
TestTerraformConfluentPlatformExample 2022-08-01T19:16:32Z logger.go:66:                 }
TestTerraformConfluentPlatformExample 2022-08-01T19:16:32Z logger.go:66:               + oneReplicaPerNode             = (known after apply)
TestTerraformConfluentPlatformExample 2022-08-01T19:16:32Z logger.go:66:               + passwordEncoder               = {
TestTerraformConfluentPlatformExample 2022-08-01T19:16:32Z logger.go:66:                   + directoryPathInContainer = (known after apply)
TestTerraformConfluentPlatformExample 2022-08-01T19:16:32Z logger.go:66:                   + secretRef                = (known after apply)
TestTerraformConfluentPlatformExample 2022-08-01T19:16:32Z logger.go:66:                 }
TestTerraformConfluentPlatformExample 2022-08-01T19:16:32Z logger.go:66:               + podTemplate                   = {
TestTerraformConfluentPlatformExample 2022-08-01T19:16:32Z logger.go:66:                   + affinity                      = {
TestTerraformConfluentPlatformExample 2022-08-01T19:16:32Z logger.go:66:                       + nodeAffinity    = {
TestTerraformConfluentPlatformExample 2022-08-01T19:16:32Z logger.go:66:                           + preferredDuringSchedulingIgnoredDuringExecution = (known after apply)
TestTerraformConfluentPlatformExample 2022-08-01T19:16:32Z logger.go:66:                           + requiredDuringSchedulingIgnoredDuringExecution  = {
TestTerraformConfluentPlatformExample 2022-08-01T19:16:32Z logger.go:66:                               + nodeSelectorTerms = (known after apply)
TestTerraformConfluentPlatformExample 2022-08-01T19:16:32Z logger.go:66:                             }
TestTerraformConfluentPlatformExample 2022-08-01T19:16:32Z logger.go:66:                         }
TestTerraformConfluentPlatformExample 2022-08-01T19:16:32Z logger.go:66:                       + podAffinity     = {
TestTerraformConfluentPlatformExample 2022-08-01T19:16:32Z logger.go:66:                           + preferredDuringSchedulingIgnoredDuringExecution = (known after apply)
TestTerraformConfluentPlatformExample 2022-08-01T19:16:32Z logger.go:66:                           + requiredDuringSchedulingIgnoredDuringExecution  = (known after apply)
TestTerraformConfluentPlatformExample 2022-08-01T19:16:32Z logger.go:66:                         }
TestTerraformConfluentPlatformExample 2022-08-01T19:16:32Z logger.go:66:                       + podAntiAffinity = {
TestTerraformConfluentPlatformExample 2022-08-01T19:16:32Z logger.go:66:                           + preferredDuringSchedulingIgnoredDuringExecution = (known after apply)
TestTerraformConfluentPlatformExample 2022-08-01T19:16:32Z logger.go:66:                           + requiredDuringSchedulingIgnoredDuringExecution  = (known after apply)
TestTerraformConfluentPlatformExample 2022-08-01T19:16:32Z logger.go:66:                         }
TestTerraformConfluentPlatformExample 2022-08-01T19:16:32Z logger.go:66:                     }
TestTerraformConfluentPlatformExample 2022-08-01T19:16:32Z logger.go:66:                   + annotations                   = (known after apply)
TestTerraformConfluentPlatformExample 2022-08-01T19:16:32Z logger.go:66:                   + envVars                       = (known after apply)
TestTerraformConfluentPlatformExample 2022-08-01T19:16:32Z logger.go:66:                   + labels                        = (known after apply)
TestTerraformConfluentPlatformExample 2022-08-01T19:16:32Z logger.go:66:                   + podSecurityContext            = {
TestTerraformConfluentPlatformExample 2022-08-01T19:16:32Z logger.go:66:                       + fsGroup             = (known after apply)
TestTerraformConfluentPlatformExample 2022-08-01T19:16:32Z logger.go:66:                       + fsGroupChangePolicy = (known after apply)
TestTerraformConfluentPlatformExample 2022-08-01T19:16:32Z logger.go:66:                       + runAsGroup          = (known after apply)
TestTerraformConfluentPlatformExample 2022-08-01T19:16:32Z logger.go:66:                       + runAsNonRoot        = (known after apply)
TestTerraformConfluentPlatformExample 2022-08-01T19:16:32Z logger.go:66:                       + runAsUser           = (known after apply)
TestTerraformConfluentPlatformExample 2022-08-01T19:16:32Z logger.go:66:                       + seLinuxOptions      = {
TestTerraformConfluentPlatformExample 2022-08-01T19:16:32Z logger.go:66:                           + level = (known after apply)
TestTerraformConfluentPlatformExample 2022-08-01T19:16:32Z logger.go:66:                           + role  = (known after apply)
TestTerraformConfluentPlatformExample 2022-08-01T19:16:32Z logger.go:66:                           + type  = (known after apply)
TestTerraformConfluentPlatformExample 2022-08-01T19:16:32Z logger.go:66:                           + user  = (known after apply)
TestTerraformConfluentPlatformExample 2022-08-01T19:16:32Z logger.go:66:                         }
TestTerraformConfluentPlatformExample 2022-08-01T19:16:32Z logger.go:66:                       + seccompProfile      = {
TestTerraformConfluentPlatformExample 2022-08-01T19:16:32Z logger.go:66:                           + localhostProfile = (known after apply)
TestTerraformConfluentPlatformExample 2022-08-01T19:16:32Z logger.go:66:                           + type             = (known after apply)
TestTerraformConfluentPlatformExample 2022-08-01T19:16:32Z logger.go:66:                         }
TestTerraformConfluentPlatformExample 2022-08-01T19:16:32Z logger.go:66:                       + supplementalGroups  = (known after apply)
TestTerraformConfluentPlatformExample 2022-08-01T19:16:32Z logger.go:66:                       + sysctls             = (known after apply)
TestTerraformConfluentPlatformExample 2022-08-01T19:16:32Z logger.go:66:                       + windowsOptions      = {
TestTerraformConfluentPlatformExample 2022-08-01T19:16:32Z logger.go:66:                           + gmsaCredentialSpec     = (known after apply)
TestTerraformConfluentPlatformExample 2022-08-01T19:16:32Z logger.go:66:                           + gmsaCredentialSpecName = (known after apply)
TestTerraformConfluentPlatformExample 2022-08-01T19:16:32Z logger.go:66:                           + hostProcess            = (known after apply)
TestTerraformConfluentPlatformExample 2022-08-01T19:16:32Z logger.go:66:                           + runAsUserName          = (known after apply)
TestTerraformConfluentPlatformExample 2022-08-01T19:16:32Z logger.go:66:                         }
TestTerraformConfluentPlatformExample 2022-08-01T19:16:32Z logger.go:66:                     }
TestTerraformConfluentPlatformExample 2022-08-01T19:16:32Z logger.go:66:                   + priorityClassName             = (known after apply)
TestTerraformConfluentPlatformExample 2022-08-01T19:16:32Z logger.go:66:                   + probe                         = {
TestTerraformConfluentPlatformExample 2022-08-01T19:16:32Z logger.go:66:                       + liveness  = {
TestTerraformConfluentPlatformExample 2022-08-01T19:16:32Z logger.go:66:                           + failureThreshold    = (known after apply)
TestTerraformConfluentPlatformExample 2022-08-01T19:16:32Z logger.go:66:                           + initialDelaySeconds = (known after apply)
TestTerraformConfluentPlatformExample 2022-08-01T19:16:32Z logger.go:66:                           + periodSeconds       = (known after apply)
TestTerraformConfluentPlatformExample 2022-08-01T19:16:32Z logger.go:66:                           + successThreshold    = (known after apply)
TestTerraformConfluentPlatformExample 2022-08-01T19:16:32Z logger.go:66:                           + timeoutSeconds      = (known after apply)
TestTerraformConfluentPlatformExample 2022-08-01T19:16:32Z logger.go:66:                         }
TestTerraformConfluentPlatformExample 2022-08-01T19:16:32Z logger.go:66:                       + readiness = {
TestTerraformConfluentPlatformExample 2022-08-01T19:16:32Z logger.go:66:                           + failureThreshold    = (known after apply)
TestTerraformConfluentPlatformExample 2022-08-01T19:16:32Z logger.go:66:                           + initialDelaySeconds = (known after apply)
TestTerraformConfluentPlatformExample 2022-08-01T19:16:32Z logger.go:66:                           + periodSeconds       = (known after apply)
TestTerraformConfluentPlatformExample 2022-08-01T19:16:32Z logger.go:66:                           + successThreshold    = (known after apply)
TestTerraformConfluentPlatformExample 2022-08-01T19:16:32Z logger.go:66:                           + timeoutSeconds      = (known after apply)
TestTerraformConfluentPlatformExample 2022-08-01T19:16:32Z logger.go:66:                         }
TestTerraformConfluentPlatformExample 2022-08-01T19:16:32Z logger.go:66:                     }
TestTerraformConfluentPlatformExample 2022-08-01T19:16:32Z logger.go:66:                   + resources                     = {
TestTerraformConfluentPlatformExample 2022-08-01T19:16:32Z logger.go:66:                       + limits   = (known after apply)
TestTerraformConfluentPlatformExample 2022-08-01T19:16:32Z logger.go:66:                       + requests = (known after apply)
TestTerraformConfluentPlatformExample 2022-08-01T19:16:32Z logger.go:66:                     }
TestTerraformConfluentPlatformExample 2022-08-01T19:16:32Z logger.go:66:                   + securityContext               = {
TestTerraformConfluentPlatformExample 2022-08-01T19:16:32Z logger.go:66:                       + allowPrivilegeEscalation = (known after apply)
TestTerraformConfluentPlatformExample 2022-08-01T19:16:32Z logger.go:66:                       + capabilities             = {
TestTerraformConfluentPlatformExample 2022-08-01T19:16:32Z logger.go:66:                           + add  = (known after apply)
TestTerraformConfluentPlatformExample 2022-08-01T19:16:32Z logger.go:66:                           + drop = (known after apply)
TestTerraformConfluentPlatformExample 2022-08-01T19:16:32Z logger.go:66:                         }
TestTerraformConfluentPlatformExample 2022-08-01T19:16:32Z logger.go:66:                       + privileged               = (known after apply)
TestTerraformConfluentPlatformExample 2022-08-01T19:16:32Z logger.go:66:                       + procMount                = (known after apply)
TestTerraformConfluentPlatformExample 2022-08-01T19:16:32Z logger.go:66:                       + readOnlyRootFilesystem   = (known after apply)
TestTerraformConfluentPlatformExample 2022-08-01T19:16:32Z logger.go:66:                       + runAsGroup               = (known after apply)
TestTerraformConfluentPlatformExample 2022-08-01T19:16:32Z logger.go:66:                       + runAsNonRoot             = (known after apply)
TestTerraformConfluentPlatformExample 2022-08-01T19:16:32Z logger.go:66:                       + runAsUser                = (known after apply)
TestTerraformConfluentPlatformExample 2022-08-01T19:16:32Z logger.go:66:                       + seLinuxOptions           = {
TestTerraformConfluentPlatformExample 2022-08-01T19:16:32Z logger.go:66:                           + level = (known after apply)
TestTerraformConfluentPlatformExample 2022-08-01T19:16:32Z logger.go:66:                           + role  = (known after apply)
TestTerraformConfluentPlatformExample 2022-08-01T19:16:32Z logger.go:66:                           + type  = (known after apply)
TestTerraformConfluentPlatformExample 2022-08-01T19:16:32Z logger.go:66:                           + user  = (known after apply)
TestTerraformConfluentPlatformExample 2022-08-01T19:16:32Z logger.go:66:                         }
TestTerraformConfluentPlatformExample 2022-08-01T19:16:32Z logger.go:66:                       + seccompProfile           = {
TestTerraformConfluentPlatformExample 2022-08-01T19:16:32Z logger.go:66:                           + localhostProfile = (known after apply)
TestTerraformConfluentPlatformExample 2022-08-01T19:16:32Z logger.go:66:                           + type             = (known after apply)
TestTerraformConfluentPlatformExample 2022-08-01T19:16:32Z logger.go:66:                         }
TestTerraformConfluentPlatformExample 2022-08-01T19:16:32Z logger.go:66:                       + windowsOptions           = {
TestTerraformConfluentPlatformExample 2022-08-01T19:16:32Z logger.go:66:                           + gmsaCredentialSpec     = (known after apply)
TestTerraformConfluentPlatformExample 2022-08-01T19:16:32Z logger.go:66:                           + gmsaCredentialSpecName = (known after apply)
TestTerraformConfluentPlatformExample 2022-08-01T19:16:32Z logger.go:66:                           + hostProcess            = (known after apply)
TestTerraformConfluentPlatformExample 2022-08-01T19:16:32Z logger.go:66:                           + runAsUserName          = (known after apply)
TestTerraformConfluentPlatformExample 2022-08-01T19:16:32Z logger.go:66:                         }
TestTerraformConfluentPlatformExample 2022-08-01T19:16:32Z logger.go:66:                     }
TestTerraformConfluentPlatformExample 2022-08-01T19:16:32Z logger.go:66:                   + serviceAccountName            = (known after apply)
TestTerraformConfluentPlatformExample 2022-08-01T19:16:32Z logger.go:66:                   + terminationGracePeriodSeconds = (known after apply)
TestTerraformConfluentPlatformExample 2022-08-01T19:16:32Z logger.go:66:                   + tolerations                   = (known after apply)
TestTerraformConfluentPlatformExample 2022-08-01T19:16:32Z logger.go:66:                   + topologySpreadConstraints     = (known after apply)
TestTerraformConfluentPlatformExample 2022-08-01T19:16:32Z logger.go:66:                 }
TestTerraformConfluentPlatformExample 2022-08-01T19:16:32Z logger.go:66:               + replicas                      = 3
TestTerraformConfluentPlatformExample 2022-08-01T19:16:32Z logger.go:66:               + telemetry                     = {
TestTerraformConfluentPlatformExample 2022-08-01T19:16:32Z logger.go:66:                   + global = (known after apply)
TestTerraformConfluentPlatformExample 2022-08-01T19:16:32Z logger.go:66:                 }
TestTerraformConfluentPlatformExample 2022-08-01T19:16:32Z logger.go:66:               + tls                           = {
TestTerraformConfluentPlatformExample 2022-08-01T19:16:32Z logger.go:66:                   + autoGeneratedCerts       = (known after apply)
TestTerraformConfluentPlatformExample 2022-08-01T19:16:32Z logger.go:66:                   + directoryPathInContainer = (known after apply)
TestTerraformConfluentPlatformExample 2022-08-01T19:16:32Z logger.go:66:                   + ignoreTrustStoreConfig   = (known after apply)
TestTerraformConfluentPlatformExample 2022-08-01T19:16:32Z logger.go:66:                   + jksPassword              = {
TestTerraformConfluentPlatformExample 2022-08-01T19:16:32Z logger.go:66:                       + secretRef = (known after apply)
TestTerraformConfluentPlatformExample 2022-08-01T19:16:32Z logger.go:66:                     }
TestTerraformConfluentPlatformExample 2022-08-01T19:16:32Z logger.go:66:                   + secretRef                = (known after apply)
TestTerraformConfluentPlatformExample 2022-08-01T19:16:32Z logger.go:66:                 }
TestTerraformConfluentPlatformExample 2022-08-01T19:16:32Z logger.go:66:             }
TestTerraformConfluentPlatformExample 2022-08-01T19:16:32Z logger.go:66:         }
TestTerraformConfluentPlatformExample 2022-08-01T19:16:32Z logger.go:66:
TestTerraformConfluentPlatformExample 2022-08-01T19:16:32Z logger.go:66:       + timeouts {
TestTerraformConfluentPlatformExample 2022-08-01T19:16:32Z logger.go:66:           + create = "1h"
TestTerraformConfluentPlatformExample 2022-08-01T19:16:32Z logger.go:66:           + delete = "10m"
TestTerraformConfluentPlatformExample 2022-08-01T19:16:32Z logger.go:66:           + update = "1h"
TestTerraformConfluentPlatformExample 2022-08-01T19:16:32Z logger.go:66:         }
TestTerraformConfluentPlatformExample 2022-08-01T19:16:32Z logger.go:66:
TestTerraformConfluentPlatformExample 2022-08-01T19:16:32Z logger.go:66:       + wait {
TestTerraformConfluentPlatformExample 2022-08-01T19:16:32Z logger.go:66:           + fields = {
TestTerraformConfluentPlatformExample 2022-08-01T19:16:32Z logger.go:66:               + "status.phase" = "RUNNING"
TestTerraformConfluentPlatformExample 2022-08-01T19:16:32Z logger.go:66:             }
TestTerraformConfluentPlatformExample 2022-08-01T19:16:32Z logger.go:66:         }
TestTerraformConfluentPlatformExample 2022-08-01T19:16:32Z logger.go:66:     }
TestTerraformConfluentPlatformExample 2022-08-01T19:16:32Z logger.go:66:
TestTerraformConfluentPlatformExample 2022-08-01T19:16:32Z logger.go:66:   # module.confluent_platform.kubernetes_manifest.components["zookeeper"] will be created
TestTerraformConfluentPlatformExample 2022-08-01T19:16:32Z logger.go:66:   + resource "kubernetes_manifest" "components" {
TestTerraformConfluentPlatformExample 2022-08-01T19:16:32Z logger.go:66:       + computed_fields = [
TestTerraformConfluentPlatformExample 2022-08-01T19:16:32Z logger.go:66:           + "metadata.finalizers",
TestTerraformConfluentPlatformExample 2022-08-01T19:16:32Z logger.go:66:         ]
TestTerraformConfluentPlatformExample 2022-08-01T19:16:32Z logger.go:66:       + manifest        = {
TestTerraformConfluentPlatformExample 2022-08-01T19:16:32Z logger.go:66:           + apiVersion = "platform.confluent.io/v1beta1"
TestTerraformConfluentPlatformExample 2022-08-01T19:16:32Z logger.go:66:           + kind       = "Zookeeper"
TestTerraformConfluentPlatformExample 2022-08-01T19:16:32Z logger.go:66:           + metadata   = {
TestTerraformConfluentPlatformExample 2022-08-01T19:16:32Z logger.go:66:               + name      = "zookeeper"
TestTerraformConfluentPlatformExample 2022-08-01T19:16:32Z logger.go:66:               + namespace = "confluent"
TestTerraformConfluentPlatformExample 2022-08-01T19:16:32Z logger.go:66:             }
TestTerraformConfluentPlatformExample 2022-08-01T19:16:32Z logger.go:66:           + spec       = {
TestTerraformConfluentPlatformExample 2022-08-01T19:16:32Z logger.go:66:               + dataVolumeCapacity = "10Gi"
TestTerraformConfluentPlatformExample 2022-08-01T19:16:32Z logger.go:66:               + image              = {
TestTerraformConfluentPlatformExample 2022-08-01T19:16:32Z logger.go:66:                   + application = "confluentinc/cp-zookeeper:7.2.0"
TestTerraformConfluentPlatformExample 2022-08-01T19:16:32Z logger.go:66:                   + init        = "confluentinc/confluent-init-container:2.4.0"
TestTerraformConfluentPlatformExample 2022-08-01T19:16:32Z logger.go:66:                 }
TestTerraformConfluentPlatformExample 2022-08-01T19:16:32Z logger.go:66:               + logVolumeCapacity  = "10Gi"
TestTerraformConfluentPlatformExample 2022-08-01T19:16:32Z logger.go:66:               + replicas           = 3
TestTerraformConfluentPlatformExample 2022-08-01T19:16:32Z logger.go:66:             }
TestTerraformConfluentPlatformExample 2022-08-01T19:16:32Z logger.go:66:         }
TestTerraformConfluentPlatformExample 2022-08-01T19:16:32Z logger.go:66:       + object          = {
TestTerraformConfluentPlatformExample 2022-08-01T19:16:32Z logger.go:66:           + apiVersion = "platform.confluent.io/v1beta1"
TestTerraformConfluentPlatformExample 2022-08-01T19:16:32Z logger.go:66:           + kind       = "Zookeeper"
TestTerraformConfluentPlatformExample 2022-08-01T19:16:32Z logger.go:66:           + metadata   = {
TestTerraformConfluentPlatformExample 2022-08-01T19:16:32Z logger.go:66:               + annotations                = (known after apply)
TestTerraformConfluentPlatformExample 2022-08-01T19:16:32Z logger.go:66:               + clusterName                = (known after apply)
TestTerraformConfluentPlatformExample 2022-08-01T19:16:32Z logger.go:66:               + creationTimestamp          = (known after apply)
TestTerraformConfluentPlatformExample 2022-08-01T19:16:32Z logger.go:66:               + deletionGracePeriodSeconds = (known after apply)
TestTerraformConfluentPlatformExample 2022-08-01T19:16:32Z logger.go:66:               + deletionTimestamp          = (known after apply)
TestTerraformConfluentPlatformExample 2022-08-01T19:16:32Z logger.go:66:               + finalizers                 = (known after apply)
TestTerraformConfluentPlatformExample 2022-08-01T19:16:32Z logger.go:66:               + generateName               = (known after apply)
TestTerraformConfluentPlatformExample 2022-08-01T19:16:32Z logger.go:66:               + generation                 = (known after apply)
TestTerraformConfluentPlatformExample 2022-08-01T19:16:32Z logger.go:66:               + labels                     = (known after apply)
TestTerraformConfluentPlatformExample 2022-08-01T19:16:32Z logger.go:66:               + managedFields              = (known after apply)
TestTerraformConfluentPlatformExample 2022-08-01T19:16:32Z logger.go:66:               + name                       = "zookeeper"
TestTerraformConfluentPlatformExample 2022-08-01T19:16:32Z logger.go:66:               + namespace                  = "confluent"
TestTerraformConfluentPlatformExample 2022-08-01T19:16:32Z logger.go:66:               + ownerReferences            = (known after apply)
TestTerraformConfluentPlatformExample 2022-08-01T19:16:32Z logger.go:66:               + resourceVersion            = (known after apply)
TestTerraformConfluentPlatformExample 2022-08-01T19:16:32Z logger.go:66:               + selfLink                   = (known after apply)
TestTerraformConfluentPlatformExample 2022-08-01T19:16:32Z logger.go:66:               + uid                        = (known after apply)
TestTerraformConfluentPlatformExample 2022-08-01T19:16:32Z logger.go:66:             }
TestTerraformConfluentPlatformExample 2022-08-01T19:16:32Z logger.go:66:           + spec       = {
TestTerraformConfluentPlatformExample 2022-08-01T19:16:32Z logger.go:66:               + authentication     = {
TestTerraformConfluentPlatformExample 2022-08-01T19:16:32Z logger.go:66:                   + jaasConfig            = {
TestTerraformConfluentPlatformExample 2022-08-01T19:16:32Z logger.go:66:                       + secretRef = (known after apply)
TestTerraformConfluentPlatformExample 2022-08-01T19:16:32Z logger.go:66:                     }
TestTerraformConfluentPlatformExample 2022-08-01T19:16:32Z logger.go:66:                   + jaasConfigPassThrough = {
TestTerraformConfluentPlatformExample 2022-08-01T19:16:32Z logger.go:66:                       + directoryPathInContainer = (known after apply)
TestTerraformConfluentPlatformExample 2022-08-01T19:16:32Z logger.go:66:                       + secretRef                = (known after apply)
TestTerraformConfluentPlatformExample 2022-08-01T19:16:32Z logger.go:66:                     }
TestTerraformConfluentPlatformExample 2022-08-01T19:16:32Z logger.go:66:                   + principalMappingRules = (known after apply)
TestTerraformConfluentPlatformExample 2022-08-01T19:16:32Z logger.go:66:                   + type                  = (known after apply)
TestTerraformConfluentPlatformExample 2022-08-01T19:16:32Z logger.go:66:                 }
TestTerraformConfluentPlatformExample 2022-08-01T19:16:32Z logger.go:66:               + configOverrides    = {
TestTerraformConfluentPlatformExample 2022-08-01T19:16:32Z logger.go:66:                   + jvm    = (known after apply)
TestTerraformConfluentPlatformExample 2022-08-01T19:16:32Z logger.go:66:                   + log4j  = (known after apply)
TestTerraformConfluentPlatformExample 2022-08-01T19:16:32Z logger.go:66:                   + peers  = (known after apply)
TestTerraformConfluentPlatformExample 2022-08-01T19:16:32Z logger.go:66:                   + server = (known after apply)
TestTerraformConfluentPlatformExample 2022-08-01T19:16:32Z logger.go:66:                 }
TestTerraformConfluentPlatformExample 2022-08-01T19:16:32Z logger.go:66:               + dataVolumeCapacity = "10Gi"
TestTerraformConfluentPlatformExample 2022-08-01T19:16:32Z logger.go:66:               + headlessService    = {
TestTerraformConfluentPlatformExample 2022-08-01T19:16:32Z logger.go:66:                   + annotations              = (known after apply)
TestTerraformConfluentPlatformExample 2022-08-01T19:16:32Z logger.go:66:                   + labels                   = (known after apply)
TestTerraformConfluentPlatformExample 2022-08-01T19:16:32Z logger.go:66:                   + publishNotReadyAddresses = (known after apply)
TestTerraformConfluentPlatformExample 2022-08-01T19:16:32Z logger.go:66:                 }
TestTerraformConfluentPlatformExample 2022-08-01T19:16:32Z logger.go:66:               + image              = {
TestTerraformConfluentPlatformExample 2022-08-01T19:16:32Z logger.go:66:                   + application   = "confluentinc/cp-zookeeper:7.2.0"
TestTerraformConfluentPlatformExample 2022-08-01T19:16:32Z logger.go:66:                   + init          = "confluentinc/confluent-init-container:2.4.0"
TestTerraformConfluentPlatformExample 2022-08-01T19:16:32Z logger.go:66:                   + pullPolicy    = (known after apply)
TestTerraformConfluentPlatformExample 2022-08-01T19:16:32Z logger.go:66:                   + pullSecretRef = (known after apply)
TestTerraformConfluentPlatformExample 2022-08-01T19:16:32Z logger.go:66:                 }
TestTerraformConfluentPlatformExample 2022-08-01T19:16:32Z logger.go:66:               + injectAnnotations  = (known after apply)
TestTerraformConfluentPlatformExample 2022-08-01T19:16:32Z logger.go:66:               + injectLabels       = (known after apply)
TestTerraformConfluentPlatformExample 2022-08-01T19:16:32Z logger.go:66:               + k8sClusterDomain   = (known after apply)
TestTerraformConfluentPlatformExample 2022-08-01T19:16:32Z logger.go:66:               + license            = {
TestTerraformConfluentPlatformExample 2022-08-01T19:16:32Z logger.go:66:                   + directoryPathInContainer = (known after apply)
TestTerraformConfluentPlatformExample 2022-08-01T19:16:32Z logger.go:66:                   + globalLicense            = (known after apply)
TestTerraformConfluentPlatformExample 2022-08-01T19:16:32Z logger.go:66:                   + secretRef                = (known after apply)
TestTerraformConfluentPlatformExample 2022-08-01T19:16:32Z logger.go:66:                 }
TestTerraformConfluentPlatformExample 2022-08-01T19:16:32Z logger.go:66:               + logVolumeCapacity  = "10Gi"
TestTerraformConfluentPlatformExample 2022-08-01T19:16:32Z logger.go:66:               + metrics            = {
TestTerraformConfluentPlatformExample 2022-08-01T19:16:32Z logger.go:66:                   + authentication = {
TestTerraformConfluentPlatformExample 2022-08-01T19:16:32Z logger.go:66:                       + type = (known after apply)
TestTerraformConfluentPlatformExample 2022-08-01T19:16:32Z logger.go:66:                     }
TestTerraformConfluentPlatformExample 2022-08-01T19:16:32Z logger.go:66:                   + prometheus     = {
TestTerraformConfluentPlatformExample 2022-08-01T19:16:32Z logger.go:66:                       + blacklist = (known after apply)
TestTerraformConfluentPlatformExample 2022-08-01T19:16:32Z logger.go:66:                       + rules     = (known after apply)
TestTerraformConfluentPlatformExample 2022-08-01T19:16:32Z logger.go:66:                       + whitelist = (known after apply)
TestTerraformConfluentPlatformExample 2022-08-01T19:16:32Z logger.go:66:                     }
TestTerraformConfluentPlatformExample 2022-08-01T19:16:32Z logger.go:66:                   + tls            = {
TestTerraformConfluentPlatformExample 2022-08-01T19:16:32Z logger.go:66:                       + directoryPathInContainer = (known after apply)
TestTerraformConfluentPlatformExample 2022-08-01T19:16:32Z logger.go:66:                       + enabled                  = (known after apply)
TestTerraformConfluentPlatformExample 2022-08-01T19:16:32Z logger.go:66:                       + ignoreTrustStoreConfig   = (known after apply)
TestTerraformConfluentPlatformExample 2022-08-01T19:16:32Z logger.go:66:                       + jksPassword              = {
TestTerraformConfluentPlatformExample 2022-08-01T19:16:32Z logger.go:66:                           + secretRef = (known after apply)
TestTerraformConfluentPlatformExample 2022-08-01T19:16:32Z logger.go:66:                         }
TestTerraformConfluentPlatformExample 2022-08-01T19:16:32Z logger.go:66:                       + secretRef                = (known after apply)
TestTerraformConfluentPlatformExample 2022-08-01T19:16:32Z logger.go:66:                     }
TestTerraformConfluentPlatformExample 2022-08-01T19:16:32Z logger.go:66:                 }
TestTerraformConfluentPlatformExample 2022-08-01T19:16:32Z logger.go:66:               + mountedSecrets     = (known after apply)
TestTerraformConfluentPlatformExample 2022-08-01T19:16:32Z logger.go:66:               + mountedVolumes     = {
TestTerraformConfluentPlatformExample 2022-08-01T19:16:32Z logger.go:66:                   + volumeMounts = (known after apply)
TestTerraformConfluentPlatformExample 2022-08-01T19:16:32Z logger.go:66:                   + volumes      = (known after apply)
TestTerraformConfluentPlatformExample 2022-08-01T19:16:32Z logger.go:66:                 }
TestTerraformConfluentPlatformExample 2022-08-01T19:16:32Z logger.go:66:               + oneReplicaPerNode  = (known after apply)
TestTerraformConfluentPlatformExample 2022-08-01T19:16:32Z logger.go:66:               + podTemplate        = {
TestTerraformConfluentPlatformExample 2022-08-01T19:16:32Z logger.go:66:                   + affinity                      = {
TestTerraformConfluentPlatformExample 2022-08-01T19:16:32Z logger.go:66:                       + nodeAffinity    = {
TestTerraformConfluentPlatformExample 2022-08-01T19:16:32Z logger.go:66:                           + preferredDuringSchedulingIgnoredDuringExecution = (known after apply)
TestTerraformConfluentPlatformExample 2022-08-01T19:16:32Z logger.go:66:                           + requiredDuringSchedulingIgnoredDuringExecution  = {
TestTerraformConfluentPlatformExample 2022-08-01T19:16:32Z logger.go:66:                               + nodeSelectorTerms = (known after apply)
TestTerraformConfluentPlatformExample 2022-08-01T19:16:32Z logger.go:66:                             }
TestTerraformConfluentPlatformExample 2022-08-01T19:16:32Z logger.go:66:                         }
TestTerraformConfluentPlatformExample 2022-08-01T19:16:32Z logger.go:66:                       + podAffinity     = {
TestTerraformConfluentPlatformExample 2022-08-01T19:16:32Z logger.go:66:                           + preferredDuringSchedulingIgnoredDuringExecution = (known after apply)
TestTerraformConfluentPlatformExample 2022-08-01T19:16:32Z logger.go:66:                           + requiredDuringSchedulingIgnoredDuringExecution  = (known after apply)
TestTerraformConfluentPlatformExample 2022-08-01T19:16:32Z logger.go:66:                         }
TestTerraformConfluentPlatformExample 2022-08-01T19:16:32Z logger.go:66:                       + podAntiAffinity = {
TestTerraformConfluentPlatformExample 2022-08-01T19:16:32Z logger.go:66:                           + preferredDuringSchedulingIgnoredDuringExecution = (known after apply)
TestTerraformConfluentPlatformExample 2022-08-01T19:16:32Z logger.go:66:                           + requiredDuringSchedulingIgnoredDuringExecution  = (known after apply)
TestTerraformConfluentPlatformExample 2022-08-01T19:16:32Z logger.go:66:                         }
TestTerraformConfluentPlatformExample 2022-08-01T19:16:32Z logger.go:66:                     }
TestTerraformConfluentPlatformExample 2022-08-01T19:16:32Z logger.go:66:                   + annotations                   = (known after apply)
TestTerraformConfluentPlatformExample 2022-08-01T19:16:32Z logger.go:66:                   + envVars                       = (known after apply)
TestTerraformConfluentPlatformExample 2022-08-01T19:16:32Z logger.go:66:                   + labels                        = (known after apply)
TestTerraformConfluentPlatformExample 2022-08-01T19:16:32Z logger.go:66:                   + podSecurityContext            = {
TestTerraformConfluentPlatformExample 2022-08-01T19:16:32Z logger.go:66:                       + fsGroup             = (known after apply)
TestTerraformConfluentPlatformExample 2022-08-01T19:16:32Z logger.go:66:                       + fsGroupChangePolicy = (known after apply)
TestTerraformConfluentPlatformExample 2022-08-01T19:16:32Z logger.go:66:                       + runAsGroup          = (known after apply)
TestTerraformConfluentPlatformExample 2022-08-01T19:16:32Z logger.go:66:                       + runAsNonRoot        = (known after apply)
TestTerraformConfluentPlatformExample 2022-08-01T19:16:32Z logger.go:66:                       + runAsUser           = (known after apply)
TestTerraformConfluentPlatformExample 2022-08-01T19:16:32Z logger.go:66:                       + seLinuxOptions      = {
TestTerraformConfluentPlatformExample 2022-08-01T19:16:32Z logger.go:66:                           + level = (known after apply)
TestTerraformConfluentPlatformExample 2022-08-01T19:16:32Z logger.go:66:                           + role  = (known after apply)
TestTerraformConfluentPlatformExample 2022-08-01T19:16:32Z logger.go:66:                           + type  = (known after apply)
TestTerraformConfluentPlatformExample 2022-08-01T19:16:32Z logger.go:66:                           + user  = (known after apply)
TestTerraformConfluentPlatformExample 2022-08-01T19:16:32Z logger.go:66:                         }
TestTerraformConfluentPlatformExample 2022-08-01T19:16:32Z logger.go:66:                       + seccompProfile      = {
TestTerraformConfluentPlatformExample 2022-08-01T19:16:32Z logger.go:66:                           + localhostProfile = (known after apply)
TestTerraformConfluentPlatformExample 2022-08-01T19:16:32Z logger.go:66:                           + type             = (known after apply)
TestTerraformConfluentPlatformExample 2022-08-01T19:16:32Z logger.go:66:                         }
TestTerraformConfluentPlatformExample 2022-08-01T19:16:32Z logger.go:66:                       + supplementalGroups  = (known after apply)
TestTerraformConfluentPlatformExample 2022-08-01T19:16:32Z logger.go:66:                       + sysctls             = (known after apply)
TestTerraformConfluentPlatformExample 2022-08-01T19:16:32Z logger.go:66:                       + windowsOptions      = {
TestTerraformConfluentPlatformExample 2022-08-01T19:16:32Z logger.go:66:                           + gmsaCredentialSpec     = (known after apply)
TestTerraformConfluentPlatformExample 2022-08-01T19:16:32Z logger.go:66:                           + gmsaCredentialSpecName = (known after apply)
TestTerraformConfluentPlatformExample 2022-08-01T19:16:32Z logger.go:66:                           + hostProcess            = (known after apply)
TestTerraformConfluentPlatformExample 2022-08-01T19:16:32Z logger.go:66:                           + runAsUserName          = (known after apply)
TestTerraformConfluentPlatformExample 2022-08-01T19:16:32Z logger.go:66:                         }
TestTerraformConfluentPlatformExample 2022-08-01T19:16:32Z logger.go:66:                     }
TestTerraformConfluentPlatformExample 2022-08-01T19:16:32Z logger.go:66:                   + priorityClassName             = (known after apply)
TestTerraformConfluentPlatformExample 2022-08-01T19:16:32Z logger.go:66:                   + probe                         = {
TestTerraformConfluentPlatformExample 2022-08-01T19:16:32Z logger.go:66:                       + liveness  = {
TestTerraformConfluentPlatformExample 2022-08-01T19:16:32Z logger.go:66:                           + failureThreshold    = (known after apply)
TestTerraformConfluentPlatformExample 2022-08-01T19:16:32Z logger.go:66:                           + initialDelaySeconds = (known after apply)
TestTerraformConfluentPlatformExample 2022-08-01T19:16:32Z logger.go:66:                           + periodSeconds       = (known after apply)
TestTerraformConfluentPlatformExample 2022-08-01T19:16:32Z logger.go:66:                           + successThreshold    = (known after apply)
TestTerraformConfluentPlatformExample 2022-08-01T19:16:32Z logger.go:66:                           + timeoutSeconds      = (known after apply)
TestTerraformConfluentPlatformExample 2022-08-01T19:16:32Z logger.go:66:                         }
TestTerraformConfluentPlatformExample 2022-08-01T19:16:32Z logger.go:66:                       + readiness = {
TestTerraformConfluentPlatformExample 2022-08-01T19:16:32Z logger.go:66:                           + failureThreshold    = (known after apply)
TestTerraformConfluentPlatformExample 2022-08-01T19:16:32Z logger.go:66:                           + initialDelaySeconds = (known after apply)
TestTerraformConfluentPlatformExample 2022-08-01T19:16:32Z logger.go:66:                           + periodSeconds       = (known after apply)
TestTerraformConfluentPlatformExample 2022-08-01T19:16:32Z logger.go:66:                           + successThreshold    = (known after apply)
TestTerraformConfluentPlatformExample 2022-08-01T19:16:32Z logger.go:66:                           + timeoutSeconds      = (known after apply)
TestTerraformConfluentPlatformExample 2022-08-01T19:16:32Z logger.go:66:                         }
TestTerraformConfluentPlatformExample 2022-08-01T19:16:32Z logger.go:66:                     }
TestTerraformConfluentPlatformExample 2022-08-01T19:16:32Z logger.go:66:                   + resources                     = {
TestTerraformConfluentPlatformExample 2022-08-01T19:16:32Z logger.go:66:                       + limits   = (known after apply)
TestTerraformConfluentPlatformExample 2022-08-01T19:16:32Z logger.go:66:                       + requests = (known after apply)
TestTerraformConfluentPlatformExample 2022-08-01T19:16:32Z logger.go:66:                     }
TestTerraformConfluentPlatformExample 2022-08-01T19:16:32Z logger.go:66:                   + securityContext               = {
TestTerraformConfluentPlatformExample 2022-08-01T19:16:32Z logger.go:66:                       + allowPrivilegeEscalation = (known after apply)
TestTerraformConfluentPlatformExample 2022-08-01T19:16:32Z logger.go:66:                       + capabilities             = {
TestTerraformConfluentPlatformExample 2022-08-01T19:16:32Z logger.go:66:                           + add  = (known after apply)
TestTerraformConfluentPlatformExample 2022-08-01T19:16:32Z logger.go:66:                           + drop = (known after apply)
TestTerraformConfluentPlatformExample 2022-08-01T19:16:32Z logger.go:66:                         }
TestTerraformConfluentPlatformExample 2022-08-01T19:16:32Z logger.go:66:                       + privileged               = (known after apply)
TestTerraformConfluentPlatformExample 2022-08-01T19:16:32Z logger.go:66:                       + procMount                = (known after apply)
TestTerraformConfluentPlatformExample 2022-08-01T19:16:32Z logger.go:66:                       + readOnlyRootFilesystem   = (known after apply)
TestTerraformConfluentPlatformExample 2022-08-01T19:16:32Z logger.go:66:                       + runAsGroup               = (known after apply)
TestTerraformConfluentPlatformExample 2022-08-01T19:16:32Z logger.go:66:                       + runAsNonRoot             = (known after apply)
TestTerraformConfluentPlatformExample 2022-08-01T19:16:32Z logger.go:66:                       + runAsUser                = (known after apply)
TestTerraformConfluentPlatformExample 2022-08-01T19:16:32Z logger.go:66:                       + seLinuxOptions           = {
TestTerraformConfluentPlatformExample 2022-08-01T19:16:32Z logger.go:66:                           + level = (known after apply)
TestTerraformConfluentPlatformExample 2022-08-01T19:16:32Z logger.go:66:                           + role  = (known after apply)
TestTerraformConfluentPlatformExample 2022-08-01T19:16:32Z logger.go:66:                           + type  = (known after apply)
TestTerraformConfluentPlatformExample 2022-08-01T19:16:32Z logger.go:66:                           + user  = (known after apply)
TestTerraformConfluentPlatformExample 2022-08-01T19:16:32Z logger.go:66:                         }
TestTerraformConfluentPlatformExample 2022-08-01T19:16:32Z logger.go:66:                       + seccompProfile           = {
TestTerraformConfluentPlatformExample 2022-08-01T19:16:32Z logger.go:66:                           + localhostProfile = (known after apply)
TestTerraformConfluentPlatformExample 2022-08-01T19:16:32Z logger.go:66:                           + type             = (known after apply)
TestTerraformConfluentPlatformExample 2022-08-01T19:16:32Z logger.go:66:                         }
TestTerraformConfluentPlatformExample 2022-08-01T19:16:32Z logger.go:66:                       + windowsOptions           = {
TestTerraformConfluentPlatformExample 2022-08-01T19:16:32Z logger.go:66:                           + gmsaCredentialSpec     = (known after apply)
TestTerraformConfluentPlatformExample 2022-08-01T19:16:32Z logger.go:66:                           + gmsaCredentialSpecName = (known after apply)
TestTerraformConfluentPlatformExample 2022-08-01T19:16:32Z logger.go:66:                           + hostProcess            = (known after apply)
TestTerraformConfluentPlatformExample 2022-08-01T19:16:32Z logger.go:66:                           + runAsUserName          = (known after apply)
TestTerraformConfluentPlatformExample 2022-08-01T19:16:32Z logger.go:66:                         }
TestTerraformConfluentPlatformExample 2022-08-01T19:16:32Z logger.go:66:                     }
TestTerraformConfluentPlatformExample 2022-08-01T19:16:32Z logger.go:66:                   + serviceAccountName            = (known after apply)
TestTerraformConfluentPlatformExample 2022-08-01T19:16:32Z logger.go:66:                   + terminationGracePeriodSeconds = (known after apply)
TestTerraformConfluentPlatformExample 2022-08-01T19:16:32Z logger.go:66:                   + tolerations                   = (known after apply)
TestTerraformConfluentPlatformExample 2022-08-01T19:16:32Z logger.go:66:                   + topologySpreadConstraints     = (known after apply)
TestTerraformConfluentPlatformExample 2022-08-01T19:16:32Z logger.go:66:                 }
TestTerraformConfluentPlatformExample 2022-08-01T19:16:32Z logger.go:66:               + replicas           = 3
TestTerraformConfluentPlatformExample 2022-08-01T19:16:32Z logger.go:66:               + storageClass       = {
TestTerraformConfluentPlatformExample 2022-08-01T19:16:32Z logger.go:66:                   + name = (known after apply)
TestTerraformConfluentPlatformExample 2022-08-01T19:16:32Z logger.go:66:                 }
TestTerraformConfluentPlatformExample 2022-08-01T19:16:32Z logger.go:66:               + tls                = {
TestTerraformConfluentPlatformExample 2022-08-01T19:16:32Z logger.go:66:                   + autoGeneratedCerts       = (known after apply)
TestTerraformConfluentPlatformExample 2022-08-01T19:16:32Z logger.go:66:                   + directoryPathInContainer = (known after apply)
TestTerraformConfluentPlatformExample 2022-08-01T19:16:32Z logger.go:66:                   + ignoreTrustStoreConfig   = (known after apply)
TestTerraformConfluentPlatformExample 2022-08-01T19:16:32Z logger.go:66:                   + jksPassword              = {
TestTerraformConfluentPlatformExample 2022-08-01T19:16:33Z logger.go:66:                       + secretRef = (known after apply)
TestTerraformConfluentPlatformExample 2022-08-01T19:16:33Z logger.go:66:                     }
TestTerraformConfluentPlatformExample 2022-08-01T19:16:33Z logger.go:66:                   + secretRef                = (known after apply)
TestTerraformConfluentPlatformExample 2022-08-01T19:16:33Z logger.go:66:                 }
TestTerraformConfluentPlatformExample 2022-08-01T19:16:33Z logger.go:66:             }
TestTerraformConfluentPlatformExample 2022-08-01T19:16:33Z logger.go:66:         }
TestTerraformConfluentPlatformExample 2022-08-01T19:16:33Z logger.go:66:
TestTerraformConfluentPlatformExample 2022-08-01T19:16:33Z logger.go:66:       + timeouts {
TestTerraformConfluentPlatformExample 2022-08-01T19:16:33Z logger.go:66:           + create = "1h"
TestTerraformConfluentPlatformExample 2022-08-01T19:16:33Z logger.go:66:           + delete = "10m"
TestTerraformConfluentPlatformExample 2022-08-01T19:16:33Z logger.go:66:           + update = "1h"
TestTerraformConfluentPlatformExample 2022-08-01T19:16:33Z logger.go:66:         }
TestTerraformConfluentPlatformExample 2022-08-01T19:16:33Z logger.go:66:
TestTerraformConfluentPlatformExample 2022-08-01T19:16:33Z logger.go:66:       + wait {
TestTerraformConfluentPlatformExample 2022-08-01T19:16:33Z logger.go:66:           + fields = {
TestTerraformConfluentPlatformExample 2022-08-01T19:16:33Z logger.go:66:               + "status.phase" = "RUNNING"
TestTerraformConfluentPlatformExample 2022-08-01T19:16:33Z logger.go:66:             }
TestTerraformConfluentPlatformExample 2022-08-01T19:16:33Z logger.go:66:         }
TestTerraformConfluentPlatformExample 2022-08-01T19:16:33Z logger.go:66:     }
TestTerraformConfluentPlatformExample 2022-08-01T19:16:33Z logger.go:66:
TestTerraformConfluentPlatformExample 2022-08-01T19:16:33Z logger.go:66:   # module.confluent_platform.module.confluent_operator[0].helm_release.confluent_operator[0] will be created
TestTerraformConfluentPlatformExample 2022-08-01T19:16:33Z logger.go:66:   + resource "helm_release" "confluent_operator" {
TestTerraformConfluentPlatformExample 2022-08-01T19:16:33Z logger.go:66:       + atomic                     = false
TestTerraformConfluentPlatformExample 2022-08-01T19:16:33Z logger.go:66:       + chart                      = "confluent-for-kubernetes"
TestTerraformConfluentPlatformExample 2022-08-01T19:16:33Z logger.go:66:       + cleanup_on_fail            = false
TestTerraformConfluentPlatformExample 2022-08-01T19:16:33Z logger.go:66:       + create_namespace           = false
TestTerraformConfluentPlatformExample 2022-08-01T19:16:33Z logger.go:66:       + dependency_update          = false
TestTerraformConfluentPlatformExample 2022-08-01T19:16:33Z logger.go:66:       + disable_crd_hooks          = false
TestTerraformConfluentPlatformExample 2022-08-01T19:16:33Z logger.go:66:       + disable_openapi_validation = false
TestTerraformConfluentPlatformExample 2022-08-01T19:16:33Z logger.go:66:       + disable_webhooks           = false
TestTerraformConfluentPlatformExample 2022-08-01T19:16:33Z logger.go:66:       + force_update               = false
TestTerraformConfluentPlatformExample 2022-08-01T19:16:33Z logger.go:66:       + id                         = (known after apply)
TestTerraformConfluentPlatformExample 2022-08-01T19:16:33Z logger.go:66:       + lint                       = false
TestTerraformConfluentPlatformExample 2022-08-01T19:16:33Z logger.go:66:       + manifest                   = (known after apply)
TestTerraformConfluentPlatformExample 2022-08-01T19:16:33Z logger.go:66:       + max_history                = 0
TestTerraformConfluentPlatformExample 2022-08-01T19:16:33Z logger.go:66:       + metadata                   = (known after apply)
TestTerraformConfluentPlatformExample 2022-08-01T19:16:33Z logger.go:66:       + name                       = "confluent-operator"
TestTerraformConfluentPlatformExample 2022-08-01T19:16:33Z logger.go:66:       + namespace                  = "confluent"
TestTerraformConfluentPlatformExample 2022-08-01T19:16:33Z logger.go:66:       + pass_credentials           = false
TestTerraformConfluentPlatformExample 2022-08-01T19:16:33Z logger.go:66:       + recreate_pods              = false
TestTerraformConfluentPlatformExample 2022-08-01T19:16:33Z logger.go:66:       + render_subchart_notes      = true
TestTerraformConfluentPlatformExample 2022-08-01T19:16:33Z logger.go:66:       + replace                    = false
TestTerraformConfluentPlatformExample 2022-08-01T19:16:33Z logger.go:66:       + repository                 = "https://packages.confluent.io/helm"
TestTerraformConfluentPlatformExample 2022-08-01T19:16:33Z logger.go:66:       + reset_values               = false
TestTerraformConfluentPlatformExample 2022-08-01T19:16:33Z logger.go:66:       + reuse_values               = false
TestTerraformConfluentPlatformExample 2022-08-01T19:16:33Z logger.go:66:       + skip_crds                  = false
TestTerraformConfluentPlatformExample 2022-08-01T19:16:33Z logger.go:66:       + status                     = "deployed"
TestTerraformConfluentPlatformExample 2022-08-01T19:16:33Z logger.go:66:       + timeout                    = 300
TestTerraformConfluentPlatformExample 2022-08-01T19:16:33Z logger.go:66:       + values                     = []
TestTerraformConfluentPlatformExample 2022-08-01T19:16:33Z logger.go:66:       + verify                     = false
TestTerraformConfluentPlatformExample 2022-08-01T19:16:33Z logger.go:66:       + version                    = "0.517.12"
TestTerraformConfluentPlatformExample 2022-08-01T19:16:33Z logger.go:66:       + wait                       = true
TestTerraformConfluentPlatformExample 2022-08-01T19:16:33Z logger.go:66:       + wait_for_jobs              = true
TestTerraformConfluentPlatformExample 2022-08-01T19:16:33Z logger.go:66:     }
TestTerraformConfluentPlatformExample 2022-08-01T19:16:33Z logger.go:66:
TestTerraformConfluentPlatformExample 2022-08-01T19:16:33Z logger.go:66:   # module.confluent_platform.module.confluent_operator[0].kubernetes_namespace_v1.namespace[0] will be created
TestTerraformConfluentPlatformExample 2022-08-01T19:16:33Z logger.go:66:   + resource "kubernetes_namespace_v1" "namespace" {
TestTerraformConfluentPlatformExample 2022-08-01T19:16:33Z logger.go:66:       + id = (known after apply)
TestTerraformConfluentPlatformExample 2022-08-01T19:16:33Z logger.go:66:
TestTerraformConfluentPlatformExample 2022-08-01T19:16:33Z logger.go:66:       + metadata {
TestTerraformConfluentPlatformExample 2022-08-01T19:16:33Z logger.go:66:           + generation       = (known after apply)
TestTerraformConfluentPlatformExample 2022-08-01T19:16:33Z logger.go:66:           + name             = "confluent"
TestTerraformConfluentPlatformExample 2022-08-01T19:16:33Z logger.go:66:           + resource_version = (known after apply)
TestTerraformConfluentPlatformExample 2022-08-01T19:16:33Z logger.go:66:           + uid              = (known after apply)
TestTerraformConfluentPlatformExample 2022-08-01T19:16:33Z logger.go:66:         }
TestTerraformConfluentPlatformExample 2022-08-01T19:16:33Z logger.go:66:     }
TestTerraformConfluentPlatformExample 2022-08-01T19:16:33Z logger.go:66:
TestTerraformConfluentPlatformExample 2022-08-01T19:16:33Z logger.go:66: Plan: 9 to add, 0 to change, 0 to destroy.
TestTerraformConfluentPlatformExample 2022-08-01T19:16:33Z logger.go:66:
TestTerraformConfluentPlatformExample 2022-08-01T19:16:33Z logger.go:66: Changes to Outputs:
TestTerraformConfluentPlatformExample 2022-08-01T19:16:33Z logger.go:66:   + connect        = (known after apply)
TestTerraformConfluentPlatformExample 2022-08-01T19:16:33Z logger.go:66:   + controlcenter  = (known after apply)
TestTerraformConfluentPlatformExample 2022-08-01T19:16:33Z logger.go:66:   + kafka          = (known after apply)
TestTerraformConfluentPlatformExample 2022-08-01T19:16:33Z logger.go:66:   + kafkarestproxy = (known after apply)
TestTerraformConfluentPlatformExample 2022-08-01T19:16:33Z logger.go:66:   + ksqldb         = (known after apply)
TestTerraformConfluentPlatformExample 2022-08-01T19:16:33Z logger.go:66:   + namespace      = "confluent"
TestTerraformConfluentPlatformExample 2022-08-01T19:16:33Z logger.go:66:   + schemaregistry = (known after apply)
TestTerraformConfluentPlatformExample 2022-08-01T19:16:33Z logger.go:66:   + zookeeper      = (known after apply)
TestTerraformConfluentPlatformExample 2022-08-01T19:16:34Z logger.go:66: module.confluent_platform.module.confluent_operator[0].kubernetes_namespace_v1.namespace[0]: Creating...
TestTerraformConfluentPlatformExample 2022-08-01T19:16:34Z logger.go:66: module.confluent_platform.module.confluent_operator[0].kubernetes_namespace_v1.namespace[0]: Creation complete after 0s [id=confluent]
TestTerraformConfluentPlatformExample 2022-08-01T19:16:34Z logger.go:66: module.confluent_platform.module.confluent_operator[0].helm_release.confluent_operator[0]: Creating...
TestTerraformConfluentPlatformExample 2022-08-01T19:16:41Z logger.go:66: module.confluent_platform.module.confluent_operator[0].helm_release.confluent_operator[0]: Creation complete after 7s [id=confluent-operator]
TestTerraformConfluentPlatformExample 2022-08-01T19:16:46Z logger.go:66: module.confluent_platform.kubernetes_manifest.components["schemaregistry"]: Creating...
TestTerraformConfluentPlatformExample 2022-08-01T19:16:46Z logger.go:66: module.confluent_platform.kubernetes_manifest.components["controlcenter"]: Creating...
TestTerraformConfluentPlatformExample 2022-08-01T19:16:46Z logger.go:66: module.confluent_platform.kubernetes_manifest.components["zookeeper"]: Creating...
TestTerraformConfluentPlatformExample 2022-08-01T19:16:46Z logger.go:66: module.confluent_platform.kubernetes_manifest.components["connect"]: Creating...
TestTerraformConfluentPlatformExample 2022-08-01T19:16:46Z logger.go:66: module.confluent_platform.kubernetes_manifest.components["ksqldb"]: Creating...
TestTerraformConfluentPlatformExample 2022-08-01T19:16:47Z logger.go:66: module.confluent_platform.kubernetes_manifest.components["kafkarestproxy"]: Creating...
TestTerraformConfluentPlatformExample 2022-08-01T19:16:47Z logger.go:66: module.confluent_platform.kubernetes_manifest.components["kafka"]: Creating...
TestTerraformConfluentPlatformExample 2022-08-01T19:16:56Z logger.go:66: module.confluent_platform.kubernetes_manifest.components["schemaregistry"]: Still creating... [10s elapsed]
TestTerraformConfluentPlatformExample 2022-08-01T19:16:56Z logger.go:66: module.confluent_platform.kubernetes_manifest.components["controlcenter"]: Still creating... [10s elapsed]
TestTerraformConfluentPlatformExample 2022-08-01T19:16:56Z logger.go:66: module.confluent_platform.kubernetes_manifest.components["zookeeper"]: Still creating... [10s elapsed]
TestTerraformConfluentPlatformExample 2022-08-01T19:16:56Z logger.go:66: module.confluent_platform.kubernetes_manifest.components["connect"]: Still creating... [10s elapsed]
TestTerraformConfluentPlatformExample 2022-08-01T19:16:56Z logger.go:66: module.confluent_platform.kubernetes_manifest.components["ksqldb"]: Still creating... [10s elapsed]
TestTerraformConfluentPlatformExample 2022-08-01T19:16:57Z logger.go:66: module.confluent_platform.kubernetes_manifest.components["kafkarestproxy"]: Still creating... [10s elapsed]
TestTerraformConfluentPlatformExample 2022-08-01T19:16:57Z logger.go:66: module.confluent_platform.kubernetes_manifest.components["kafka"]: Still creating... [10s elapsed]
TestTerraformConfluentPlatformExample 2022-08-01T19:17:06Z logger.go:66: module.confluent_platform.kubernetes_manifest.components["schemaregistry"]: Still creating... [20s elapsed]
TestTerraformConfluentPlatformExample 2022-08-01T19:17:06Z logger.go:66: module.confluent_platform.kubernetes_manifest.components["controlcenter"]: Still creating... [20s elapsed]
TestTerraformConfluentPlatformExample 2022-08-01T19:17:06Z logger.go:66: module.confluent_platform.kubernetes_manifest.components["zookeeper"]: Still creating... [20s elapsed]
TestTerraformConfluentPlatformExample 2022-08-01T19:17:06Z logger.go:66: module.confluent_platform.kubernetes_manifest.components["connect"]: Still creating... [21s elapsed]
TestTerraformConfluentPlatformExample 2022-08-01T19:17:06Z logger.go:66: module.confluent_platform.kubernetes_manifest.components["ksqldb"]: Still creating... [20s elapsed]
TestTerraformConfluentPlatformExample 2022-08-01T19:17:07Z logger.go:66: module.confluent_platform.kubernetes_manifest.components["kafkarestproxy"]: Still creating... [20s elapsed]
TestTerraformConfluentPlatformExample 2022-08-01T19:17:07Z logger.go:66: module.confluent_platform.kubernetes_manifest.components["kafka"]: Still creating... [20s elapsed]
TestTerraformConfluentPlatformExample 2022-08-01T19:17:16Z logger.go:66: module.confluent_platform.kubernetes_manifest.components["schemaregistry"]: Still creating... [30s elapsed]
TestTerraformConfluentPlatformExample 2022-08-01T19:17:16Z logger.go:66: module.confluent_platform.kubernetes_manifest.components["controlcenter"]: Still creating... [30s elapsed]
TestTerraformConfluentPlatformExample 2022-08-01T19:17:16Z logger.go:66: module.confluent_platform.kubernetes_manifest.components["zookeeper"]: Still creating... [30s elapsed]
TestTerraformConfluentPlatformExample 2022-08-01T19:17:16Z logger.go:66: module.confluent_platform.kubernetes_manifest.components["connect"]: Still creating... [31s elapsed]
TestTerraformConfluentPlatformExample 2022-08-01T19:17:16Z logger.go:66: module.confluent_platform.kubernetes_manifest.components["ksqldb"]: Still creating... [30s elapsed]
TestTerraformConfluentPlatformExample 2022-08-01T19:17:17Z logger.go:66: module.confluent_platform.kubernetes_manifest.components["kafkarestproxy"]: Still creating... [30s elapsed]
TestTerraformConfluentPlatformExample 2022-08-01T19:17:17Z logger.go:66: module.confluent_platform.kubernetes_manifest.components["kafka"]: Still creating... [30s elapsed]
TestTerraformConfluentPlatformExample 2022-08-01T19:17:26Z logger.go:66: module.confluent_platform.kubernetes_manifest.components["schemaregistry"]: Still creating... [40s elapsed]
TestTerraformConfluentPlatformExample 2022-08-01T19:17:26Z logger.go:66: module.confluent_platform.kubernetes_manifest.components["controlcenter"]: Still creating... [40s elapsed]
TestTerraformConfluentPlatformExample 2022-08-01T19:17:26Z logger.go:66: module.confluent_platform.kubernetes_manifest.components["zookeeper"]: Still creating... [40s elapsed]
TestTerraformConfluentPlatformExample 2022-08-01T19:17:26Z logger.go:66: module.confluent_platform.kubernetes_manifest.components["connect"]: Still creating... [40s elapsed]
TestTerraformConfluentPlatformExample 2022-08-01T19:17:26Z logger.go:66: module.confluent_platform.kubernetes_manifest.components["ksqldb"]: Still creating... [40s elapsed]
TestTerraformConfluentPlatformExample 2022-08-01T19:17:27Z logger.go:66: module.confluent_platform.kubernetes_manifest.components["kafkarestproxy"]: Still creating... [40s elapsed]
TestTerraformConfluentPlatformExample 2022-08-01T19:17:27Z logger.go:66: module.confluent_platform.kubernetes_manifest.components["kafka"]: Still creating... [40s elapsed]
TestTerraformConfluentPlatformExample 2022-08-01T19:17:36Z logger.go:66: module.confluent_platform.kubernetes_manifest.components["schemaregistry"]: Still creating... [50s elapsed]
TestTerraformConfluentPlatformExample 2022-08-01T19:17:36Z logger.go:66: module.confluent_platform.kubernetes_manifest.components["controlcenter"]: Still creating... [50s elapsed]
TestTerraformConfluentPlatformExample 2022-08-01T19:17:36Z logger.go:66: module.confluent_platform.kubernetes_manifest.components["zookeeper"]: Still creating... [50s elapsed]
TestTerraformConfluentPlatformExample 2022-08-01T19:17:36Z logger.go:66: module.confluent_platform.kubernetes_manifest.components["connect"]: Still creating... [50s elapsed]
TestTerraformConfluentPlatformExample 2022-08-01T19:17:36Z logger.go:66: module.confluent_platform.kubernetes_manifest.components["ksqldb"]: Still creating... [50s elapsed]
TestTerraformConfluentPlatformExample 2022-08-01T19:17:37Z logger.go:66: module.confluent_platform.kubernetes_manifest.components["kafkarestproxy"]: Still creating... [50s elapsed]
TestTerraformConfluentPlatformExample 2022-08-01T19:17:37Z logger.go:66: module.confluent_platform.kubernetes_manifest.components["kafka"]: Still creating... [50s elapsed]
TestTerraformConfluentPlatformExample 2022-08-01T19:17:42Z logger.go:66: module.confluent_platform.kubernetes_manifest.components["zookeeper"]: Creation complete after 57s
TestTerraformConfluentPlatformExample 2022-08-01T19:17:46Z logger.go:66: module.confluent_platform.kubernetes_manifest.components["schemaregistry"]: Still creating... [1m0s elapsed]
TestTerraformConfluentPlatformExample 2022-08-01T19:17:46Z logger.go:66: module.confluent_platform.kubernetes_manifest.components["controlcenter"]: Still creating... [1m0s elapsed]
TestTerraformConfluentPlatformExample 2022-08-01T19:17:46Z logger.go:66: module.confluent_platform.kubernetes_manifest.components["connect"]: Still creating... [1m1s elapsed]
TestTerraformConfluentPlatformExample 2022-08-01T19:17:46Z logger.go:66: module.confluent_platform.kubernetes_manifest.components["ksqldb"]: Still creating... [1m0s elapsed]
TestTerraformConfluentPlatformExample 2022-08-01T19:17:47Z logger.go:66: module.confluent_platform.kubernetes_manifest.components["kafkarestproxy"]: Still creating... [1m0s elapsed]
TestTerraformConfluentPlatformExample 2022-08-01T19:17:47Z logger.go:66: module.confluent_platform.kubernetes_manifest.components["kafka"]: Still creating... [1m0s elapsed]
TestTerraformConfluentPlatformExample 2022-08-01T19:17:56Z logger.go:66: module.confluent_platform.kubernetes_manifest.components["schemaregistry"]: Still creating... [1m10s elapsed]
TestTerraformConfluentPlatformExample 2022-08-01T19:17:56Z logger.go:66: module.confluent_platform.kubernetes_manifest.components["controlcenter"]: Still creating... [1m10s elapsed]
TestTerraformConfluentPlatformExample 2022-08-01T19:17:56Z logger.go:66: module.confluent_platform.kubernetes_manifest.components["connect"]: Still creating... [1m10s elapsed]
TestTerraformConfluentPlatformExample 2022-08-01T19:17:56Z logger.go:66: module.confluent_platform.kubernetes_manifest.components["ksqldb"]: Still creating... [1m10s elapsed]
TestTerraformConfluentPlatformExample 2022-08-01T19:17:57Z logger.go:66: module.confluent_platform.kubernetes_manifest.components["kafkarestproxy"]: Still creating... [1m10s elapsed]
TestTerraformConfluentPlatformExample 2022-08-01T19:17:57Z logger.go:66: module.confluent_platform.kubernetes_manifest.components["kafka"]: Still creating... [1m10s elapsed]
TestTerraformConfluentPlatformExample 2022-08-01T19:18:06Z logger.go:66: module.confluent_platform.kubernetes_manifest.components["schemaregistry"]: Still creating... [1m20s elapsed]
TestTerraformConfluentPlatformExample 2022-08-01T19:18:06Z logger.go:66: module.confluent_platform.kubernetes_manifest.components["controlcenter"]: Still creating... [1m20s elapsed]
TestTerraformConfluentPlatformExample 2022-08-01T19:18:06Z logger.go:66: module.confluent_platform.kubernetes_manifest.components["connect"]: Still creating... [1m21s elapsed]
TestTerraformConfluentPlatformExample 2022-08-01T19:18:06Z logger.go:66: module.confluent_platform.kubernetes_manifest.components["ksqldb"]: Still creating... [1m20s elapsed]
TestTerraformConfluentPlatformExample 2022-08-01T19:18:07Z logger.go:66: module.confluent_platform.kubernetes_manifest.components["kafkarestproxy"]: Still creating... [1m20s elapsed]
TestTerraformConfluentPlatformExample 2022-08-01T19:18:07Z logger.go:66: module.confluent_platform.kubernetes_manifest.components["kafka"]: Still creating... [1m20s elapsed]
TestTerraformConfluentPlatformExample 2022-08-01T19:18:16Z logger.go:66: module.confluent_platform.kubernetes_manifest.components["schemaregistry"]: Still creating... [1m30s elapsed]
TestTerraformConfluentPlatformExample 2022-08-01T19:18:16Z logger.go:66: module.confluent_platform.kubernetes_manifest.components["controlcenter"]: Still creating... [1m30s elapsed]
TestTerraformConfluentPlatformExample 2022-08-01T19:18:16Z logger.go:66: module.confluent_platform.kubernetes_manifest.components["connect"]: Still creating... [1m31s elapsed]
TestTerraformConfluentPlatformExample 2022-08-01T19:18:16Z logger.go:66: module.confluent_platform.kubernetes_manifest.components["ksqldb"]: Still creating... [1m30s elapsed]
TestTerraformConfluentPlatformExample 2022-08-01T19:18:17Z logger.go:66: module.confluent_platform.kubernetes_manifest.components["kafkarestproxy"]: Still creating... [1m30s elapsed]
TestTerraformConfluentPlatformExample 2022-08-01T19:18:17Z logger.go:66: module.confluent_platform.kubernetes_manifest.components["kafka"]: Still creating... [1m30s elapsed]
TestTerraformConfluentPlatformExample 2022-08-01T19:18:19Z logger.go:66: module.confluent_platform.kubernetes_manifest.components["kafka"]: Creation complete after 1m31s
TestTerraformConfluentPlatformExample 2022-08-01T19:18:26Z logger.go:66: module.confluent_platform.kubernetes_manifest.components["schemaregistry"]: Still creating... [1m40s elapsed]
TestTerraformConfluentPlatformExample 2022-08-01T19:18:26Z logger.go:66: module.confluent_platform.kubernetes_manifest.components["controlcenter"]: Still creating... [1m40s elapsed]
TestTerraformConfluentPlatformExample 2022-08-01T19:18:26Z logger.go:66: module.confluent_platform.kubernetes_manifest.components["connect"]: Still creating... [1m41s elapsed]
TestTerraformConfluentPlatformExample 2022-08-01T19:18:26Z logger.go:66: module.confluent_platform.kubernetes_manifest.components["ksqldb"]: Still creating... [1m40s elapsed]
TestTerraformConfluentPlatformExample 2022-08-01T19:18:27Z logger.go:66: module.confluent_platform.kubernetes_manifest.components["kafkarestproxy"]: Still creating... [1m40s elapsed]
TestTerraformConfluentPlatformExample 2022-08-01T19:18:36Z logger.go:66: module.confluent_platform.kubernetes_manifest.components["schemaregistry"]: Still creating... [1m50s elapsed]
TestTerraformConfluentPlatformExample 2022-08-01T19:18:36Z logger.go:66: module.confluent_platform.kubernetes_manifest.components["controlcenter"]: Still creating... [1m50s elapsed]
TestTerraformConfluentPlatformExample 2022-08-01T19:18:36Z logger.go:66: module.confluent_platform.kubernetes_manifest.components["connect"]: Still creating... [1m51s elapsed]
TestTerraformConfluentPlatformExample 2022-08-01T19:18:36Z logger.go:66: module.confluent_platform.kubernetes_manifest.components["ksqldb"]: Still creating... [1m50s elapsed]
TestTerraformConfluentPlatformExample 2022-08-01T19:18:37Z logger.go:66: module.confluent_platform.kubernetes_manifest.components["kafkarestproxy"]: Still creating... [1m50s elapsed]
TestTerraformConfluentPlatformExample 2022-08-01T19:18:46Z logger.go:66: module.confluent_platform.kubernetes_manifest.components["schemaregistry"]: Still creating... [2m0s elapsed]
TestTerraformConfluentPlatformExample 2022-08-01T19:18:46Z logger.go:66: module.confluent_platform.kubernetes_manifest.components["controlcenter"]: Still creating... [2m0s elapsed]
TestTerraformConfluentPlatformExample 2022-08-01T19:18:46Z logger.go:66: module.confluent_platform.kubernetes_manifest.components["ksqldb"]: Still creating... [2m0s elapsed]
TestTerraformConfluentPlatformExample 2022-08-01T19:18:46Z logger.go:66: module.confluent_platform.kubernetes_manifest.components["connect"]: Still creating... [2m1s elapsed]
TestTerraformConfluentPlatformExample 2022-08-01T19:18:47Z logger.go:66: module.confluent_platform.kubernetes_manifest.components["kafkarestproxy"]: Still creating... [2m0s elapsed]
TestTerraformConfluentPlatformExample 2022-08-01T19:18:56Z logger.go:66: module.confluent_platform.kubernetes_manifest.components["schemaregistry"]: Still creating... [2m10s elapsed]
TestTerraformConfluentPlatformExample 2022-08-01T19:18:56Z logger.go:66: module.confluent_platform.kubernetes_manifest.components["controlcenter"]: Still creating... [2m10s elapsed]
TestTerraformConfluentPlatformExample 2022-08-01T19:18:56Z logger.go:66: module.confluent_platform.kubernetes_manifest.components["connect"]: Still creating... [2m11s elapsed]
TestTerraformConfluentPlatformExample 2022-08-01T19:18:56Z logger.go:66: module.confluent_platform.kubernetes_manifest.components["ksqldb"]: Still creating... [2m10s elapsed]
TestTerraformConfluentPlatformExample 2022-08-01T19:18:57Z logger.go:66: module.confluent_platform.kubernetes_manifest.components["kafkarestproxy"]: Still creating... [2m10s elapsed]
TestTerraformConfluentPlatformExample 2022-08-01T19:19:06Z logger.go:66: module.confluent_platform.kubernetes_manifest.components["schemaregistry"]: Still creating... [2m20s elapsed]
TestTerraformConfluentPlatformExample 2022-08-01T19:19:06Z logger.go:66: module.confluent_platform.kubernetes_manifest.components["controlcenter"]: Still creating... [2m20s elapsed]
TestTerraformConfluentPlatformExample 2022-08-01T19:19:06Z logger.go:66: module.confluent_platform.kubernetes_manifest.components["connect"]: Still creating... [2m21s elapsed]
TestTerraformConfluentPlatformExample 2022-08-01T19:19:06Z logger.go:66: module.confluent_platform.kubernetes_manifest.components["ksqldb"]: Still creating... [2m20s elapsed]
TestTerraformConfluentPlatformExample 2022-08-01T19:19:07Z logger.go:66: module.confluent_platform.kubernetes_manifest.components["kafkarestproxy"]: Still creating... [2m20s elapsed]
TestTerraformConfluentPlatformExample 2022-08-01T19:19:16Z logger.go:66: module.confluent_platform.kubernetes_manifest.components["schemaregistry"]: Still creating... [2m30s elapsed]
TestTerraformConfluentPlatformExample 2022-08-01T19:19:16Z logger.go:66: module.confluent_platform.kubernetes_manifest.components["controlcenter"]: Still creating... [2m30s elapsed]
TestTerraformConfluentPlatformExample 2022-08-01T19:19:16Z logger.go:66: module.confluent_platform.kubernetes_manifest.components["connect"]: Still creating... [2m31s elapsed]
TestTerraformConfluentPlatformExample 2022-08-01T19:19:16Z logger.go:66: module.confluent_platform.kubernetes_manifest.components["ksqldb"]: Still creating... [2m30s elapsed]
TestTerraformConfluentPlatformExample 2022-08-01T19:19:17Z logger.go:66: module.confluent_platform.kubernetes_manifest.components["kafkarestproxy"]: Still creating... [2m30s elapsed]
TestTerraformConfluentPlatformExample 2022-08-01T19:19:26Z logger.go:66: module.confluent_platform.kubernetes_manifest.components["schemaregistry"]: Still creating... [2m40s elapsed]
TestTerraformConfluentPlatformExample 2022-08-01T19:19:26Z logger.go:66: module.confluent_platform.kubernetes_manifest.components["controlcenter"]: Still creating... [2m40s elapsed]
TestTerraformConfluentPlatformExample 2022-08-01T19:19:26Z logger.go:66: module.confluent_platform.kubernetes_manifest.components["connect"]: Still creating... [2m41s elapsed]
TestTerraformConfluentPlatformExample 2022-08-01T19:19:26Z logger.go:66: module.confluent_platform.kubernetes_manifest.components["ksqldb"]: Still creating... [2m40s elapsed]
TestTerraformConfluentPlatformExample 2022-08-01T19:19:27Z logger.go:66: module.confluent_platform.kubernetes_manifest.components["kafkarestproxy"]: Still creating... [2m40s elapsed]
TestTerraformConfluentPlatformExample 2022-08-01T19:19:36Z logger.go:66: module.confluent_platform.kubernetes_manifest.components["schemaregistry"]: Still creating... [2m50s elapsed]
TestTerraformConfluentPlatformExample 2022-08-01T19:19:36Z logger.go:66: module.confluent_platform.kubernetes_manifest.components["controlcenter"]: Still creating... [2m50s elapsed]
TestTerraformConfluentPlatformExample 2022-08-01T19:19:36Z logger.go:66: module.confluent_platform.kubernetes_manifest.components["connect"]: Still creating... [2m51s elapsed]
TestTerraformConfluentPlatformExample 2022-08-01T19:19:36Z logger.go:66: module.confluent_platform.kubernetes_manifest.components["ksqldb"]: Still creating... [2m50s elapsed]
TestTerraformConfluentPlatformExample 2022-08-01T19:19:37Z logger.go:66: module.confluent_platform.kubernetes_manifest.components["kafkarestproxy"]: Still creating... [2m50s elapsed]
TestTerraformConfluentPlatformExample 2022-08-01T19:19:46Z logger.go:66: module.confluent_platform.kubernetes_manifest.components["schemaregistry"]: Still creating... [3m0s elapsed]
TestTerraformConfluentPlatformExample 2022-08-01T19:19:46Z logger.go:66: module.confluent_platform.kubernetes_manifest.components["controlcenter"]: Still creating... [3m0s elapsed]
TestTerraformConfluentPlatformExample 2022-08-01T19:19:46Z logger.go:66: module.confluent_platform.kubernetes_manifest.components["connect"]: Still creating... [3m1s elapsed]
TestTerraformConfluentPlatformExample 2022-08-01T19:19:46Z logger.go:66: module.confluent_platform.kubernetes_manifest.components["ksqldb"]: Still creating... [3m0s elapsed]
TestTerraformConfluentPlatformExample 2022-08-01T19:19:47Z logger.go:66: module.confluent_platform.kubernetes_manifest.components["kafkarestproxy"]: Still creating... [3m0s elapsed]
TestTerraformConfluentPlatformExample 2022-08-01T19:19:56Z logger.go:66: module.confluent_platform.kubernetes_manifest.components["schemaregistry"]: Still creating... [3m10s elapsed]
TestTerraformConfluentPlatformExample 2022-08-01T19:19:56Z logger.go:66: module.confluent_platform.kubernetes_manifest.components["controlcenter"]: Still creating... [3m10s elapsed]
TestTerraformConfluentPlatformExample 2022-08-01T19:19:56Z logger.go:66: module.confluent_platform.kubernetes_manifest.components["connect"]: Still creating... [3m11s elapsed]
TestTerraformConfluentPlatformExample 2022-08-01T19:19:56Z logger.go:66: module.confluent_platform.kubernetes_manifest.components["ksqldb"]: Still creating... [3m10s elapsed]
TestTerraformConfluentPlatformExample 2022-08-01T19:19:57Z logger.go:66: module.confluent_platform.kubernetes_manifest.components["kafkarestproxy"]: Still creating... [3m10s elapsed]
TestTerraformConfluentPlatformExample 2022-08-01T19:20:06Z logger.go:66: module.confluent_platform.kubernetes_manifest.components["schemaregistry"]: Still creating... [3m20s elapsed]
TestTerraformConfluentPlatformExample 2022-08-01T19:20:06Z logger.go:66: module.confluent_platform.kubernetes_manifest.components["controlcenter"]: Still creating... [3m20s elapsed]
TestTerraformConfluentPlatformExample 2022-08-01T19:20:06Z logger.go:66: module.confluent_platform.kubernetes_manifest.components["connect"]: Still creating... [3m21s elapsed]
TestTerraformConfluentPlatformExample 2022-08-01T19:20:06Z logger.go:66: module.confluent_platform.kubernetes_manifest.components["ksqldb"]: Still creating... [3m20s elapsed]
TestTerraformConfluentPlatformExample 2022-08-01T19:20:07Z logger.go:66: module.confluent_platform.kubernetes_manifest.components["kafkarestproxy"]: Still creating... [3m20s elapsed]
TestTerraformConfluentPlatformExample 2022-08-01T19:20:16Z logger.go:66: module.confluent_platform.kubernetes_manifest.components["schemaregistry"]: Still creating... [3m30s elapsed]
TestTerraformConfluentPlatformExample 2022-08-01T19:20:16Z logger.go:66: module.confluent_platform.kubernetes_manifest.components["controlcenter"]: Still creating... [3m30s elapsed]
TestTerraformConfluentPlatformExample 2022-08-01T19:20:16Z logger.go:66: module.confluent_platform.kubernetes_manifest.components["connect"]: Still creating... [3m31s elapsed]
TestTerraformConfluentPlatformExample 2022-08-01T19:20:16Z logger.go:66: module.confluent_platform.kubernetes_manifest.components["ksqldb"]: Still creating... [3m30s elapsed]
TestTerraformConfluentPlatformExample 2022-08-01T19:20:17Z logger.go:66: module.confluent_platform.kubernetes_manifest.components["kafkarestproxy"]: Still creating... [3m30s elapsed]
TestTerraformConfluentPlatformExample 2022-08-01T19:20:26Z logger.go:66: module.confluent_platform.kubernetes_manifest.components["controlcenter"]: Still creating... [3m40s elapsed]
TestTerraformConfluentPlatformExample 2022-08-01T19:20:26Z logger.go:66: module.confluent_platform.kubernetes_manifest.components["schemaregistry"]: Still creating... [3m40s elapsed]
TestTerraformConfluentPlatformExample 2022-08-01T19:20:26Z logger.go:66: module.confluent_platform.kubernetes_manifest.components["ksqldb"]: Still creating... [3m40s elapsed]
TestTerraformConfluentPlatformExample 2022-08-01T19:20:26Z logger.go:66: module.confluent_platform.kubernetes_manifest.components["connect"]: Still creating... [3m41s elapsed]
TestTerraformConfluentPlatformExample 2022-08-01T19:20:27Z logger.go:66: module.confluent_platform.kubernetes_manifest.components["kafkarestproxy"]: Still creating... [3m40s elapsed]
TestTerraformConfluentPlatformExample 2022-08-01T19:20:36Z logger.go:66: module.confluent_platform.kubernetes_manifest.components["schemaregistry"]: Still creating... [3m50s elapsed]
TestTerraformConfluentPlatformExample 2022-08-01T19:20:36Z logger.go:66: module.confluent_platform.kubernetes_manifest.components["controlcenter"]: Still creating... [3m50s elapsed]
TestTerraformConfluentPlatformExample 2022-08-01T19:20:36Z logger.go:66: module.confluent_platform.kubernetes_manifest.components["ksqldb"]: Still creating... [3m50s elapsed]
TestTerraformConfluentPlatformExample 2022-08-01T19:20:36Z logger.go:66: module.confluent_platform.kubernetes_manifest.components["connect"]: Still creating... [3m51s elapsed]
TestTerraformConfluentPlatformExample 2022-08-01T19:20:37Z logger.go:66: module.confluent_platform.kubernetes_manifest.components["kafkarestproxy"]: Still creating... [3m50s elapsed]
TestTerraformConfluentPlatformExample 2022-08-01T19:20:46Z logger.go:66: module.confluent_platform.kubernetes_manifest.components["schemaregistry"]: Still creating... [4m0s elapsed]
TestTerraformConfluentPlatformExample 2022-08-01T19:20:46Z logger.go:66: module.confluent_platform.kubernetes_manifest.components["controlcenter"]: Still creating... [4m0s elapsed]
TestTerraformConfluentPlatformExample 2022-08-01T19:20:46Z logger.go:66: module.confluent_platform.kubernetes_manifest.components["connect"]: Still creating... [4m1s elapsed]
TestTerraformConfluentPlatformExample 2022-08-01T19:20:46Z logger.go:66: module.confluent_platform.kubernetes_manifest.components["ksqldb"]: Still creating... [4m0s elapsed]
TestTerraformConfluentPlatformExample 2022-08-01T19:20:47Z logger.go:66: module.confluent_platform.kubernetes_manifest.components["kafkarestproxy"]: Still creating... [4m0s elapsed]
TestTerraformConfluentPlatformExample 2022-08-01T19:20:56Z logger.go:66: module.confluent_platform.kubernetes_manifest.components["controlcenter"]: Still creating... [4m10s elapsed]
TestTerraformConfluentPlatformExample 2022-08-01T19:20:56Z logger.go:66: module.confluent_platform.kubernetes_manifest.components["schemaregistry"]: Still creating... [4m10s elapsed]
TestTerraformConfluentPlatformExample 2022-08-01T19:20:56Z logger.go:66: module.confluent_platform.kubernetes_manifest.components["ksqldb"]: Still creating... [4m10s elapsed]
TestTerraformConfluentPlatformExample 2022-08-01T19:20:56Z logger.go:66: module.confluent_platform.kubernetes_manifest.components["connect"]: Still creating... [4m11s elapsed]
TestTerraformConfluentPlatformExample 2022-08-01T19:20:57Z logger.go:66: module.confluent_platform.kubernetes_manifest.components["kafkarestproxy"]: Still creating... [4m10s elapsed]
TestTerraformConfluentPlatformExample 2022-08-01T19:21:06Z logger.go:66: module.confluent_platform.kubernetes_manifest.components["controlcenter"]: Still creating... [4m20s elapsed]
TestTerraformConfluentPlatformExample 2022-08-01T19:21:06Z logger.go:66: module.confluent_platform.kubernetes_manifest.components["schemaregistry"]: Still creating... [4m20s elapsed]
TestTerraformConfluentPlatformExample 2022-08-01T19:21:06Z logger.go:66: module.confluent_platform.kubernetes_manifest.components["connect"]: Still creating... [4m21s elapsed]
TestTerraformConfluentPlatformExample 2022-08-01T19:21:06Z logger.go:66: module.confluent_platform.kubernetes_manifest.components["ksqldb"]: Still creating... [4m20s elapsed]
TestTerraformConfluentPlatformExample 2022-08-01T19:21:07Z logger.go:66: module.confluent_platform.kubernetes_manifest.components["kafkarestproxy"]: Still creating... [4m20s elapsed]
TestTerraformConfluentPlatformExample 2022-08-01T19:21:16Z logger.go:66: module.confluent_platform.kubernetes_manifest.components["schemaregistry"]: Still creating... [4m30s elapsed]
TestTerraformConfluentPlatformExample 2022-08-01T19:21:16Z logger.go:66: module.confluent_platform.kubernetes_manifest.components["controlcenter"]: Still creating... [4m30s elapsed]
TestTerraformConfluentPlatformExample 2022-08-01T19:21:16Z logger.go:66: module.confluent_platform.kubernetes_manifest.components["ksqldb"]: Still creating... [4m30s elapsed]
TestTerraformConfluentPlatformExample 2022-08-01T19:21:16Z logger.go:66: module.confluent_platform.kubernetes_manifest.components["connect"]: Still creating... [4m31s elapsed]
TestTerraformConfluentPlatformExample 2022-08-01T19:21:17Z logger.go:66: module.confluent_platform.kubernetes_manifest.components["kafkarestproxy"]: Still creating... [4m30s elapsed]
TestTerraformConfluentPlatformExample 2022-08-01T19:21:26Z logger.go:66: module.confluent_platform.kubernetes_manifest.components["schemaregistry"]: Still creating... [4m40s elapsed]
TestTerraformConfluentPlatformExample 2022-08-01T19:21:26Z logger.go:66: module.confluent_platform.kubernetes_manifest.components["controlcenter"]: Still creating... [4m40s elapsed]
TestTerraformConfluentPlatformExample 2022-08-01T19:21:26Z logger.go:66: module.confluent_platform.kubernetes_manifest.components["connect"]: Still creating... [4m41s elapsed]
TestTerraformConfluentPlatformExample 2022-08-01T19:21:26Z logger.go:66: module.confluent_platform.kubernetes_manifest.components["ksqldb"]: Still creating... [4m40s elapsed]
TestTerraformConfluentPlatformExample 2022-08-01T19:21:27Z logger.go:66: module.confluent_platform.kubernetes_manifest.components["kafkarestproxy"]: Still creating... [4m40s elapsed]
TestTerraformConfluentPlatformExample 2022-08-01T19:21:36Z logger.go:66: module.confluent_platform.kubernetes_manifest.components["controlcenter"]: Still creating... [4m50s elapsed]
TestTerraformConfluentPlatformExample 2022-08-01T19:21:36Z logger.go:66: module.confluent_platform.kubernetes_manifest.components["schemaregistry"]: Still creating... [4m50s elapsed]
TestTerraformConfluentPlatformExample 2022-08-01T19:21:36Z logger.go:66: module.confluent_platform.kubernetes_manifest.components["ksqldb"]: Still creating... [4m50s elapsed]
TestTerraformConfluentPlatformExample 2022-08-01T19:21:36Z logger.go:66: module.confluent_platform.kubernetes_manifest.components["connect"]: Still creating... [4m51s elapsed]
TestTerraformConfluentPlatformExample 2022-08-01T19:21:37Z logger.go:66: module.confluent_platform.kubernetes_manifest.components["kafkarestproxy"]: Still creating... [4m50s elapsed]
TestTerraformConfluentPlatformExample 2022-08-01T19:21:46Z logger.go:66: module.confluent_platform.kubernetes_manifest.components["schemaregistry"]: Still creating... [5m0s elapsed]
TestTerraformConfluentPlatformExample 2022-08-01T19:21:46Z logger.go:66: module.confluent_platform.kubernetes_manifest.components["controlcenter"]: Still creating... [5m0s elapsed]
TestTerraformConfluentPlatformExample 2022-08-01T19:21:46Z logger.go:66: module.confluent_platform.kubernetes_manifest.components["ksqldb"]: Still creating... [5m0s elapsed]
TestTerraformConfluentPlatformExample 2022-08-01T19:21:46Z logger.go:66: module.confluent_platform.kubernetes_manifest.components["connect"]: Still creating... [5m1s elapsed]
TestTerraformConfluentPlatformExample 2022-08-01T19:21:47Z logger.go:66: module.confluent_platform.kubernetes_manifest.components["kafkarestproxy"]: Still creating... [5m0s elapsed]
TestTerraformConfluentPlatformExample 2022-08-01T19:21:56Z logger.go:66: module.confluent_platform.kubernetes_manifest.components["controlcenter"]: Still creating... [5m10s elapsed]
TestTerraformConfluentPlatformExample 2022-08-01T19:21:56Z logger.go:66: module.confluent_platform.kubernetes_manifest.components["schemaregistry"]: Still creating... [5m10s elapsed]
TestTerraformConfluentPlatformExample 2022-08-01T19:21:56Z logger.go:66: module.confluent_platform.kubernetes_manifest.components["connect"]: Still creating... [5m11s elapsed]
TestTerraformConfluentPlatformExample 2022-08-01T19:21:56Z logger.go:66: module.confluent_platform.kubernetes_manifest.components["ksqldb"]: Still creating... [5m10s elapsed]
TestTerraformConfluentPlatformExample 2022-08-01T19:21:57Z logger.go:66: module.confluent_platform.kubernetes_manifest.components["kafkarestproxy"]: Still creating... [5m10s elapsed]
TestTerraformConfluentPlatformExample 2022-08-01T19:22:06Z logger.go:66: module.confluent_platform.kubernetes_manifest.components["schemaregistry"]: Still creating... [5m20s elapsed]
TestTerraformConfluentPlatformExample 2022-08-01T19:22:06Z logger.go:66: module.confluent_platform.kubernetes_manifest.components["controlcenter"]: Still creating... [5m20s elapsed]
TestTerraformConfluentPlatformExample 2022-08-01T19:22:06Z logger.go:66: module.confluent_platform.kubernetes_manifest.components["ksqldb"]: Still creating... [5m20s elapsed]
TestTerraformConfluentPlatformExample 2022-08-01T19:22:06Z logger.go:66: module.confluent_platform.kubernetes_manifest.components["connect"]: Still creating... [5m21s elapsed]
TestTerraformConfluentPlatformExample 2022-08-01T19:22:07Z logger.go:66: module.confluent_platform.kubernetes_manifest.components["kafkarestproxy"]: Still creating... [5m20s elapsed]
TestTerraformConfluentPlatformExample 2022-08-01T19:22:16Z logger.go:66: module.confluent_platform.kubernetes_manifest.components["controlcenter"]: Still creating... [5m30s elapsed]
TestTerraformConfluentPlatformExample 2022-08-01T19:22:16Z logger.go:66: module.confluent_platform.kubernetes_manifest.components["schemaregistry"]: Still creating... [5m30s elapsed]
TestTerraformConfluentPlatformExample 2022-08-01T19:22:16Z logger.go:66: module.confluent_platform.kubernetes_manifest.components["connect"]: Still creating... [5m31s elapsed]
TestTerraformConfluentPlatformExample 2022-08-01T19:22:16Z logger.go:66: module.confluent_platform.kubernetes_manifest.components["ksqldb"]: Still creating... [5m30s elapsed]
TestTerraformConfluentPlatformExample 2022-08-01T19:22:17Z logger.go:66: module.confluent_platform.kubernetes_manifest.components["kafkarestproxy"]: Still creating... [5m30s elapsed]
TestTerraformConfluentPlatformExample 2022-08-01T19:22:26Z logger.go:66: module.confluent_platform.kubernetes_manifest.components["controlcenter"]: Still creating... [5m40s elapsed]
TestTerraformConfluentPlatformExample 2022-08-01T19:22:26Z logger.go:66: module.confluent_platform.kubernetes_manifest.components["schemaregistry"]: Still creating... [5m40s elapsed]
TestTerraformConfluentPlatformExample 2022-08-01T19:22:26Z logger.go:66: module.confluent_platform.kubernetes_manifest.components["connect"]: Still creating... [5m41s elapsed]
TestTerraformConfluentPlatformExample 2022-08-01T19:22:26Z logger.go:66: module.confluent_platform.kubernetes_manifest.components["ksqldb"]: Still creating... [5m40s elapsed]
TestTerraformConfluentPlatformExample 2022-08-01T19:22:27Z logger.go:66: module.confluent_platform.kubernetes_manifest.components["kafkarestproxy"]: Still creating... [5m40s elapsed]
TestTerraformConfluentPlatformExample 2022-08-01T19:22:36Z logger.go:66: module.confluent_platform.kubernetes_manifest.components["schemaregistry"]: Still creating... [5m50s elapsed]
TestTerraformConfluentPlatformExample 2022-08-01T19:22:36Z logger.go:66: module.confluent_platform.kubernetes_manifest.components["controlcenter"]: Still creating... [5m50s elapsed]
TestTerraformConfluentPlatformExample 2022-08-01T19:22:36Z logger.go:66: module.confluent_platform.kubernetes_manifest.components["ksqldb"]: Still creating... [5m50s elapsed]
TestTerraformConfluentPlatformExample 2022-08-01T19:22:36Z logger.go:66: module.confluent_platform.kubernetes_manifest.components["connect"]: Still creating... [5m51s elapsed]
TestTerraformConfluentPlatformExample 2022-08-01T19:22:37Z logger.go:66: module.confluent_platform.kubernetes_manifest.components["kafkarestproxy"]: Still creating... [5m50s elapsed]
TestTerraformConfluentPlatformExample 2022-08-01T19:22:46Z logger.go:66: module.confluent_platform.kubernetes_manifest.components["controlcenter"]: Still creating... [6m0s elapsed]
TestTerraformConfluentPlatformExample 2022-08-01T19:22:46Z logger.go:66: module.confluent_platform.kubernetes_manifest.components["schemaregistry"]: Still creating... [6m0s elapsed]
TestTerraformConfluentPlatformExample 2022-08-01T19:22:46Z logger.go:66: module.confluent_platform.kubernetes_manifest.components["ksqldb"]: Still creating... [6m0s elapsed]
TestTerraformConfluentPlatformExample 2022-08-01T19:22:46Z logger.go:66: module.confluent_platform.kubernetes_manifest.components["connect"]: Still creating... [6m1s elapsed]
TestTerraformConfluentPlatformExample 2022-08-01T19:22:47Z logger.go:66: module.confluent_platform.kubernetes_manifest.components["kafkarestproxy"]: Still creating... [6m0s elapsed]
TestTerraformConfluentPlatformExample 2022-08-01T19:22:55Z logger.go:66: module.confluent_platform.kubernetes_manifest.components["controlcenter"]: Still creating... [6m10s elapsed]
TestTerraformConfluentPlatformExample 2022-08-01T19:22:55Z logger.go:66: module.confluent_platform.kubernetes_manifest.components["schemaregistry"]: Still creating... [6m10s elapsed]
TestTerraformConfluentPlatformExample 2022-08-01T19:22:56Z logger.go:66: module.confluent_platform.kubernetes_manifest.components["ksqldb"]: Still creating... [6m9s elapsed]
TestTerraformConfluentPlatformExample 2022-08-01T19:22:56Z logger.go:66: module.confluent_platform.kubernetes_manifest.components["connect"]: Still creating... [6m10s elapsed]
TestTerraformConfluentPlatformExample 2022-08-01T19:22:56Z logger.go:66: module.confluent_platform.kubernetes_manifest.components["kafkarestproxy"]: Still creating... [6m10s elapsed]
TestTerraformConfluentPlatformExample 2022-08-01T19:23:05Z logger.go:66: module.confluent_platform.kubernetes_manifest.components["controlcenter"]: Still creating... [6m20s elapsed]
TestTerraformConfluentPlatformExample 2022-08-01T19:23:05Z logger.go:66: module.confluent_platform.kubernetes_manifest.components["schemaregistry"]: Still creating... [6m20s elapsed]
TestTerraformConfluentPlatformExample 2022-08-01T19:23:06Z logger.go:66: module.confluent_platform.kubernetes_manifest.components["ksqldb"]: Still creating... [6m19s elapsed]
TestTerraformConfluentPlatformExample 2022-08-01T19:23:06Z logger.go:66: module.confluent_platform.kubernetes_manifest.components["connect"]: Still creating... [6m20s elapsed]
TestTerraformConfluentPlatformExample 2022-08-01T19:23:06Z logger.go:66: module.confluent_platform.kubernetes_manifest.components["kafkarestproxy"]: Still creating... [6m20s elapsed]
TestTerraformConfluentPlatformExample 2022-08-01T19:23:15Z logger.go:66: module.confluent_platform.kubernetes_manifest.components["schemaregistry"]: Still creating... [6m30s elapsed]
TestTerraformConfluentPlatformExample 2022-08-01T19:23:16Z logger.go:66: module.confluent_platform.kubernetes_manifest.components["controlcenter"]: Still creating... [6m30s elapsed]
TestTerraformConfluentPlatformExample 2022-08-01T19:23:16Z logger.go:66: module.confluent_platform.kubernetes_manifest.components["ksqldb"]: Still creating... [6m29s elapsed]
TestTerraformConfluentPlatformExample 2022-08-01T19:23:16Z logger.go:66: module.confluent_platform.kubernetes_manifest.components["connect"]: Still creating... [6m30s elapsed]
TestTerraformConfluentPlatformExample 2022-08-01T19:23:17Z logger.go:66: module.confluent_platform.kubernetes_manifest.components["kafkarestproxy"]: Still creating... [6m30s elapsed]
TestTerraformConfluentPlatformExample 2022-08-01T19:23:26Z logger.go:66: module.confluent_platform.kubernetes_manifest.components["schemaregistry"]: Still creating... [6m40s elapsed]
TestTerraformConfluentPlatformExample 2022-08-01T19:23:26Z logger.go:66: module.confluent_platform.kubernetes_manifest.components["controlcenter"]: Still creating... [6m40s elapsed]
TestTerraformConfluentPlatformExample 2022-08-01T19:23:26Z logger.go:66: module.confluent_platform.kubernetes_manifest.components["ksqldb"]: Still creating... [6m40s elapsed]
TestTerraformConfluentPlatformExample 2022-08-01T19:23:26Z logger.go:66: module.confluent_platform.kubernetes_manifest.components["connect"]: Still creating... [6m41s elapsed]
TestTerraformConfluentPlatformExample 2022-08-01T19:23:27Z logger.go:66: module.confluent_platform.kubernetes_manifest.components["kafkarestproxy"]: Still creating... [6m40s elapsed]
TestTerraformConfluentPlatformExample 2022-08-01T19:23:36Z logger.go:66: module.confluent_platform.kubernetes_manifest.components["controlcenter"]: Still creating... [6m50s elapsed]
TestTerraformConfluentPlatformExample 2022-08-01T19:23:36Z logger.go:66: module.confluent_platform.kubernetes_manifest.components["schemaregistry"]: Still creating... [6m50s elapsed]
TestTerraformConfluentPlatformExample 2022-08-01T19:23:36Z logger.go:66: module.confluent_platform.kubernetes_manifest.components["ksqldb"]: Still creating... [6m50s elapsed]
TestTerraformConfluentPlatformExample 2022-08-01T19:23:36Z logger.go:66: module.confluent_platform.kubernetes_manifest.components["connect"]: Still creating... [6m51s elapsed]
TestTerraformConfluentPlatformExample 2022-08-01T19:23:37Z logger.go:66: module.confluent_platform.kubernetes_manifest.components["kafkarestproxy"]: Still creating... [6m50s elapsed]
TestTerraformConfluentPlatformExample 2022-08-01T19:23:46Z logger.go:66: module.confluent_platform.kubernetes_manifest.components["controlcenter"]: Still creating... [7m0s elapsed]
TestTerraformConfluentPlatformExample 2022-08-01T19:23:46Z logger.go:66: module.confluent_platform.kubernetes_manifest.components["schemaregistry"]: Still creating... [7m0s elapsed]
TestTerraformConfluentPlatformExample 2022-08-01T19:23:46Z logger.go:66: module.confluent_platform.kubernetes_manifest.components["ksqldb"]: Still creating... [7m0s elapsed]
TestTerraformConfluentPlatformExample 2022-08-01T19:23:46Z logger.go:66: module.confluent_platform.kubernetes_manifest.components["connect"]: Still creating... [7m1s elapsed]
TestTerraformConfluentPlatformExample 2022-08-01T19:23:47Z logger.go:66: module.confluent_platform.kubernetes_manifest.components["kafkarestproxy"]: Still creating... [7m0s elapsed]
TestTerraformConfluentPlatformExample 2022-08-01T19:23:56Z logger.go:66: module.confluent_platform.kubernetes_manifest.components["schemaregistry"]: Still creating... [7m10s elapsed]
TestTerraformConfluentPlatformExample 2022-08-01T19:23:56Z logger.go:66: module.confluent_platform.kubernetes_manifest.components["controlcenter"]: Still creating... [7m10s elapsed]
TestTerraformConfluentPlatformExample 2022-08-01T19:23:56Z logger.go:66: module.confluent_platform.kubernetes_manifest.components["ksqldb"]: Still creating... [7m10s elapsed]
TestTerraformConfluentPlatformExample 2022-08-01T19:23:56Z logger.go:66: module.confluent_platform.kubernetes_manifest.components["connect"]: Still creating... [7m11s elapsed]
TestTerraformConfluentPlatformExample 2022-08-01T19:23:57Z logger.go:66: module.confluent_platform.kubernetes_manifest.components["kafkarestproxy"]: Still creating... [7m10s elapsed]
TestTerraformConfluentPlatformExample 2022-08-01T19:24:06Z logger.go:66: module.confluent_platform.kubernetes_manifest.components["controlcenter"]: Still creating... [7m20s elapsed]
TestTerraformConfluentPlatformExample 2022-08-01T19:24:06Z logger.go:66: module.confluent_platform.kubernetes_manifest.components["schemaregistry"]: Still creating... [7m20s elapsed]
TestTerraformConfluentPlatformExample 2022-08-01T19:24:06Z logger.go:66: module.confluent_platform.kubernetes_manifest.components["connect"]: Still creating... [7m21s elapsed]
TestTerraformConfluentPlatformExample 2022-08-01T19:24:06Z logger.go:66: module.confluent_platform.kubernetes_manifest.components["ksqldb"]: Still creating... [7m20s elapsed]
TestTerraformConfluentPlatformExample 2022-08-01T19:24:07Z logger.go:66: module.confluent_platform.kubernetes_manifest.components["kafkarestproxy"]: Still creating... [7m20s elapsed]
TestTerraformConfluentPlatformExample 2022-08-01T19:24:09Z logger.go:66: module.confluent_platform.kubernetes_manifest.components["kafkarestproxy"]: Creation complete after 7m22s
TestTerraformConfluentPlatformExample 2022-08-01T19:24:16Z logger.go:66: module.confluent_platform.kubernetes_manifest.components["controlcenter"]: Still creating... [7m30s elapsed]
TestTerraformConfluentPlatformExample 2022-08-01T19:24:16Z logger.go:66: module.confluent_platform.kubernetes_manifest.components["schemaregistry"]: Still creating... [7m30s elapsed]
TestTerraformConfluentPlatformExample 2022-08-01T19:24:16Z logger.go:66: module.confluent_platform.kubernetes_manifest.components["ksqldb"]: Still creating... [7m30s elapsed]
TestTerraformConfluentPlatformExample 2022-08-01T19:24:16Z logger.go:66: module.confluent_platform.kubernetes_manifest.components["connect"]: Still creating... [7m31s elapsed]
TestTerraformConfluentPlatformExample 2022-08-01T19:24:26Z logger.go:66: module.confluent_platform.kubernetes_manifest.components["controlcenter"]: Still creating... [7m40s elapsed]
TestTerraformConfluentPlatformExample 2022-08-01T19:24:26Z logger.go:66: module.confluent_platform.kubernetes_manifest.components["schemaregistry"]: Still creating... [7m40s elapsed]
TestTerraformConfluentPlatformExample 2022-08-01T19:24:26Z logger.go:66: module.confluent_platform.kubernetes_manifest.components["ksqldb"]: Still creating... [7m40s elapsed]
TestTerraformConfluentPlatformExample 2022-08-01T19:24:26Z logger.go:66: module.confluent_platform.kubernetes_manifest.components["connect"]: Still creating... [7m41s elapsed]
TestTerraformConfluentPlatformExample 2022-08-01T19:24:36Z logger.go:66: module.confluent_platform.kubernetes_manifest.components["controlcenter"]: Still creating... [7m50s elapsed]
TestTerraformConfluentPlatformExample 2022-08-01T19:24:36Z logger.go:66: module.confluent_platform.kubernetes_manifest.components["schemaregistry"]: Still creating... [7m50s elapsed]
TestTerraformConfluentPlatformExample 2022-08-01T19:24:36Z logger.go:66: module.confluent_platform.kubernetes_manifest.components["connect"]: Still creating... [7m51s elapsed]
TestTerraformConfluentPlatformExample 2022-08-01T19:24:36Z logger.go:66: module.confluent_platform.kubernetes_manifest.components["ksqldb"]: Still creating... [7m50s elapsed]
TestTerraformConfluentPlatformExample 2022-08-01T19:24:47Z logger.go:66: module.confluent_platform.kubernetes_manifest.components["schemaregistry"]: Still creating... [8m0s elapsed]
TestTerraformConfluentPlatformExample 2022-08-01T19:24:47Z logger.go:66: module.confluent_platform.kubernetes_manifest.components["controlcenter"]: Still creating... [8m1s elapsed]
TestTerraformConfluentPlatformExample 2022-08-01T19:24:47Z logger.go:66: module.confluent_platform.kubernetes_manifest.components["ksqldb"]: Still creating... [8m0s elapsed]
TestTerraformConfluentPlatformExample 2022-08-01T19:24:47Z logger.go:66: module.confluent_platform.kubernetes_manifest.components["connect"]: Still creating... [8m1s elapsed]
TestTerraformConfluentPlatformExample 2022-08-01T19:24:56Z logger.go:66: module.confluent_platform.kubernetes_manifest.components["controlcenter"]: Still creating... [8m11s elapsed]
TestTerraformConfluentPlatformExample 2022-08-01T19:24:56Z logger.go:66: module.confluent_platform.kubernetes_manifest.components["schemaregistry"]: Still creating... [8m11s elapsed]
TestTerraformConfluentPlatformExample 2022-08-01T19:24:56Z logger.go:66: module.confluent_platform.kubernetes_manifest.components["ksqldb"]: Still creating... [8m10s elapsed]
TestTerraformConfluentPlatformExample 2022-08-01T19:24:56Z logger.go:66: module.confluent_platform.kubernetes_manifest.components["connect"]: Still creating... [8m11s elapsed]
TestTerraformConfluentPlatformExample 2022-08-01T19:25:06Z logger.go:66: module.confluent_platform.kubernetes_manifest.components["schemaregistry"]: Still creating... [8m21s elapsed]
TestTerraformConfluentPlatformExample 2022-08-01T19:25:06Z logger.go:66: module.confluent_platform.kubernetes_manifest.components["controlcenter"]: Still creating... [8m21s elapsed]
TestTerraformConfluentPlatformExample 2022-08-01T19:25:06Z logger.go:66: module.confluent_platform.kubernetes_manifest.components["ksqldb"]: Still creating... [8m20s elapsed]
TestTerraformConfluentPlatformExample 2022-08-01T19:25:07Z logger.go:66: module.confluent_platform.kubernetes_manifest.components["connect"]: Still creating... [8m21s elapsed]
TestTerraformConfluentPlatformExample 2022-08-01T19:25:16Z logger.go:66: module.confluent_platform.kubernetes_manifest.components["schemaregistry"]: Still creating... [8m31s elapsed]
TestTerraformConfluentPlatformExample 2022-08-01T19:25:16Z logger.go:66: module.confluent_platform.kubernetes_manifest.components["controlcenter"]: Still creating... [8m31s elapsed]
TestTerraformConfluentPlatformExample 2022-08-01T19:25:17Z logger.go:66: module.confluent_platform.kubernetes_manifest.components["ksqldb"]: Still creating... [8m30s elapsed]
TestTerraformConfluentPlatformExample 2022-08-01T19:25:17Z logger.go:66: module.confluent_platform.kubernetes_manifest.components["connect"]: Still creating... [8m31s elapsed]
TestTerraformConfluentPlatformExample 2022-08-01T19:25:26Z logger.go:66: module.confluent_platform.kubernetes_manifest.components["schemaregistry"]: Still creating... [8m41s elapsed]
TestTerraformConfluentPlatformExample 2022-08-01T19:25:26Z logger.go:66: module.confluent_platform.kubernetes_manifest.components["controlcenter"]: Still creating... [8m41s elapsed]
TestTerraformConfluentPlatformExample 2022-08-01T19:25:26Z logger.go:66: module.confluent_platform.kubernetes_manifest.components["ksqldb"]: Still creating... [8m40s elapsed]
TestTerraformConfluentPlatformExample 2022-08-01T19:25:27Z logger.go:66: module.confluent_platform.kubernetes_manifest.components["connect"]: Still creating... [8m41s elapsed]
TestTerraformConfluentPlatformExample 2022-08-01T19:25:36Z logger.go:66: module.confluent_platform.kubernetes_manifest.components["schemaregistry"]: Still creating... [8m51s elapsed]
TestTerraformConfluentPlatformExample 2022-08-01T19:25:36Z logger.go:66: module.confluent_platform.kubernetes_manifest.components["controlcenter"]: Still creating... [8m51s elapsed]
TestTerraformConfluentPlatformExample 2022-08-01T19:25:36Z logger.go:66: module.confluent_platform.kubernetes_manifest.components["ksqldb"]: Still creating... [8m50s elapsed]
TestTerraformConfluentPlatformExample 2022-08-01T19:25:37Z logger.go:66: module.confluent_platform.kubernetes_manifest.components["connect"]: Still creating... [8m51s elapsed]
TestTerraformConfluentPlatformExample 2022-08-01T19:25:46Z logger.go:66: module.confluent_platform.kubernetes_manifest.components["schemaregistry"]: Still creating... [9m1s elapsed]
TestTerraformConfluentPlatformExample 2022-08-01T19:25:46Z logger.go:66: module.confluent_platform.kubernetes_manifest.components["controlcenter"]: Still creating... [9m1s elapsed]
TestTerraformConfluentPlatformExample 2022-08-01T19:25:46Z logger.go:66: module.confluent_platform.kubernetes_manifest.components["ksqldb"]: Still creating... [9m0s elapsed]
TestTerraformConfluentPlatformExample 2022-08-01T19:25:47Z logger.go:66: module.confluent_platform.kubernetes_manifest.components["connect"]: Still creating... [9m1s elapsed]
TestTerraformConfluentPlatformExample 2022-08-01T19:25:56Z logger.go:66: module.confluent_platform.kubernetes_manifest.components["schemaregistry"]: Still creating... [9m11s elapsed]
TestTerraformConfluentPlatformExample 2022-08-01T19:25:56Z logger.go:66: module.confluent_platform.kubernetes_manifest.components["controlcenter"]: Still creating... [9m11s elapsed]
TestTerraformConfluentPlatformExample 2022-08-01T19:25:56Z logger.go:66: module.confluent_platform.kubernetes_manifest.components["ksqldb"]: Still creating... [9m10s elapsed]
TestTerraformConfluentPlatformExample 2022-08-01T19:25:56Z logger.go:66: module.confluent_platform.kubernetes_manifest.components["connect"]: Still creating... [9m11s elapsed]
TestTerraformConfluentPlatformExample 2022-08-01T19:26:06Z logger.go:66: module.confluent_platform.kubernetes_manifest.components["schemaregistry"]: Still creating... [9m21s elapsed]
TestTerraformConfluentPlatformExample 2022-08-01T19:26:06Z logger.go:66: module.confluent_platform.kubernetes_manifest.components["controlcenter"]: Still creating... [9m21s elapsed]
TestTerraformConfluentPlatformExample 2022-08-01T19:26:06Z logger.go:66: module.confluent_platform.kubernetes_manifest.components["ksqldb"]: Still creating... [9m20s elapsed]
TestTerraformConfluentPlatformExample 2022-08-01T19:26:06Z logger.go:66: module.confluent_platform.kubernetes_manifest.components["connect"]: Still creating... [9m21s elapsed]
TestTerraformConfluentPlatformExample 2022-08-01T19:26:16Z logger.go:66: module.confluent_platform.kubernetes_manifest.components["schemaregistry"]: Still creating... [9m31s elapsed]
TestTerraformConfluentPlatformExample 2022-08-01T19:26:16Z logger.go:66: module.confluent_platform.kubernetes_manifest.components["controlcenter"]: Still creating... [9m31s elapsed]
TestTerraformConfluentPlatformExample 2022-08-01T19:26:16Z logger.go:66: module.confluent_platform.kubernetes_manifest.components["ksqldb"]: Still creating... [9m30s elapsed]
TestTerraformConfluentPlatformExample 2022-08-01T19:26:16Z logger.go:66: module.confluent_platform.kubernetes_manifest.components["connect"]: Still creating... [9m31s elapsed]
TestTerraformConfluentPlatformExample 2022-08-01T19:26:26Z logger.go:66: module.confluent_platform.kubernetes_manifest.components["schemaregistry"]: Still creating... [9m41s elapsed]
TestTerraformConfluentPlatformExample 2022-08-01T19:26:26Z logger.go:66: module.confluent_platform.kubernetes_manifest.components["controlcenter"]: Still creating... [9m41s elapsed]
TestTerraformConfluentPlatformExample 2022-08-01T19:26:26Z logger.go:66: module.confluent_platform.kubernetes_manifest.components["ksqldb"]: Still creating... [9m40s elapsed]
TestTerraformConfluentPlatformExample 2022-08-01T19:26:26Z logger.go:66: module.confluent_platform.kubernetes_manifest.components["connect"]: Still creating... [9m41s elapsed]
TestTerraformConfluentPlatformExample 2022-08-01T19:26:36Z logger.go:66: module.confluent_platform.kubernetes_manifest.components["schemaregistry"]: Still creating... [9m51s elapsed]
TestTerraformConfluentPlatformExample 2022-08-01T19:26:36Z logger.go:66: module.confluent_platform.kubernetes_manifest.components["controlcenter"]: Still creating... [9m51s elapsed]
TestTerraformConfluentPlatformExample 2022-08-01T19:26:36Z logger.go:66: module.confluent_platform.kubernetes_manifest.components["ksqldb"]: Still creating... [9m50s elapsed]
TestTerraformConfluentPlatformExample 2022-08-01T19:26:36Z logger.go:66: module.confluent_platform.kubernetes_manifest.components["connect"]: Still creating... [9m51s elapsed]
TestTerraformConfluentPlatformExample 2022-08-01T19:26:46Z logger.go:66: module.confluent_platform.kubernetes_manifest.components["schemaregistry"]: Still creating... [10m1s elapsed]
TestTerraformConfluentPlatformExample 2022-08-01T19:26:46Z logger.go:66: module.confluent_platform.kubernetes_manifest.components["controlcenter"]: Still creating... [10m1s elapsed]
TestTerraformConfluentPlatformExample 2022-08-01T19:26:46Z logger.go:66: module.confluent_platform.kubernetes_manifest.components["ksqldb"]: Still creating... [10m0s elapsed]
TestTerraformConfluentPlatformExample 2022-08-01T19:26:46Z logger.go:66: module.confluent_platform.kubernetes_manifest.components["connect"]: Still creating... [10m1s elapsed]
TestTerraformConfluentPlatformExample 2022-08-01T19:26:56Z logger.go:66: module.confluent_platform.kubernetes_manifest.components["schemaregistry"]: Still creating... [10m11s elapsed]
TestTerraformConfluentPlatformExample 2022-08-01T19:26:56Z logger.go:66: module.confluent_platform.kubernetes_manifest.components["controlcenter"]: Still creating... [10m11s elapsed]
TestTerraformConfluentPlatformExample 2022-08-01T19:26:56Z logger.go:66: module.confluent_platform.kubernetes_manifest.components["connect"]: Still creating... [10m11s elapsed]
TestTerraformConfluentPlatformExample 2022-08-01T19:26:56Z logger.go:66: module.confluent_platform.kubernetes_manifest.components["ksqldb"]: Still creating... [10m10s elapsed]
TestTerraformConfluentPlatformExample 2022-08-01T19:27:06Z logger.go:66: module.confluent_platform.kubernetes_manifest.components["schemaregistry"]: Still creating... [10m21s elapsed]
TestTerraformConfluentPlatformExample 2022-08-01T19:27:06Z logger.go:66: module.confluent_platform.kubernetes_manifest.components["controlcenter"]: Still creating... [10m21s elapsed]
TestTerraformConfluentPlatformExample 2022-08-01T19:27:06Z logger.go:66: module.confluent_platform.kubernetes_manifest.components["ksqldb"]: Still creating... [10m20s elapsed]
TestTerraformConfluentPlatformExample 2022-08-01T19:27:06Z logger.go:66: module.confluent_platform.kubernetes_manifest.components["connect"]: Still creating... [10m21s elapsed]
TestTerraformConfluentPlatformExample 2022-08-01T19:27:16Z logger.go:66: module.confluent_platform.kubernetes_manifest.components["schemaregistry"]: Still creating... [10m31s elapsed]
TestTerraformConfluentPlatformExample 2022-08-01T19:27:16Z logger.go:66: module.confluent_platform.kubernetes_manifest.components["controlcenter"]: Still creating... [10m31s elapsed]
TestTerraformConfluentPlatformExample 2022-08-01T19:27:17Z logger.go:66: module.confluent_platform.kubernetes_manifest.components["connect"]: Still creating... [10m31s elapsed]
TestTerraformConfluentPlatformExample 2022-08-01T19:27:17Z logger.go:66: module.confluent_platform.kubernetes_manifest.components["ksqldb"]: Still creating... [10m30s elapsed]
TestTerraformConfluentPlatformExample 2022-08-01T19:27:26Z logger.go:66: module.confluent_platform.kubernetes_manifest.components["schemaregistry"]: Still creating... [10m41s elapsed]
TestTerraformConfluentPlatformExample 2022-08-01T19:27:26Z logger.go:66: module.confluent_platform.kubernetes_manifest.components["controlcenter"]: Still creating... [10m41s elapsed]
TestTerraformConfluentPlatformExample 2022-08-01T19:27:26Z logger.go:66: module.confluent_platform.kubernetes_manifest.components["connect"]: Still creating... [10m41s elapsed]
TestTerraformConfluentPlatformExample 2022-08-01T19:27:26Z logger.go:66: module.confluent_platform.kubernetes_manifest.components["ksqldb"]: Still creating... [10m40s elapsed]
TestTerraformConfluentPlatformExample 2022-08-01T19:27:36Z logger.go:66: module.confluent_platform.kubernetes_manifest.components["schemaregistry"]: Still creating... [10m51s elapsed]
TestTerraformConfluentPlatformExample 2022-08-01T19:27:36Z logger.go:66: module.confluent_platform.kubernetes_manifest.components["controlcenter"]: Still creating... [10m51s elapsed]
TestTerraformConfluentPlatformExample 2022-08-01T19:27:36Z logger.go:66: module.confluent_platform.kubernetes_manifest.components["connect"]: Still creating... [10m51s elapsed]
TestTerraformConfluentPlatformExample 2022-08-01T19:27:36Z logger.go:66: module.confluent_platform.kubernetes_manifest.components["ksqldb"]: Still creating... [10m50s elapsed]
TestTerraformConfluentPlatformExample 2022-08-01T19:27:46Z logger.go:66: module.confluent_platform.kubernetes_manifest.components["ksqldb"]: Still creating... [11m0s elapsed]
TestTerraformConfluentPlatformExample 2022-08-01T19:27:46Z logger.go:66: module.confluent_platform.kubernetes_manifest.components["connect"]: Still creating... [11m1s elapsed]
TestTerraformConfluentPlatformExample 2022-08-01T19:27:47Z logger.go:66: module.confluent_platform.kubernetes_manifest.components["schemaregistry"]: Still creating... [11m2s elapsed]
TestTerraformConfluentPlatformExample 2022-08-01T19:27:47Z logger.go:66: module.confluent_platform.kubernetes_manifest.components["controlcenter"]: Still creating... [11m2s elapsed]
TestTerraformConfluentPlatformExample 2022-08-01T19:27:56Z logger.go:66: module.confluent_platform.kubernetes_manifest.components["connect"]: Still creating... [11m11s elapsed]
TestTerraformConfluentPlatformExample 2022-08-01T19:27:56Z logger.go:66: module.confluent_platform.kubernetes_manifest.components["ksqldb"]: Still creating... [11m10s elapsed]
TestTerraformConfluentPlatformExample 2022-08-01T19:27:57Z logger.go:66: module.confluent_platform.kubernetes_manifest.components["controlcenter"]: Still creating... [11m12s elapsed]
TestTerraformConfluentPlatformExample 2022-08-01T19:27:57Z logger.go:66: module.confluent_platform.kubernetes_manifest.components["schemaregistry"]: Still creating... [11m12s elapsed]
TestTerraformConfluentPlatformExample 2022-08-01T19:28:06Z logger.go:66: module.confluent_platform.kubernetes_manifest.components["connect"]: Still creating... [11m21s elapsed]
TestTerraformConfluentPlatformExample 2022-08-01T19:28:06Z logger.go:66: module.confluent_platform.kubernetes_manifest.components["ksqldb"]: Still creating... [11m20s elapsed]
TestTerraformConfluentPlatformExample 2022-08-01T19:28:07Z logger.go:66: module.confluent_platform.kubernetes_manifest.components["schemaregistry"]: Still creating... [11m22s elapsed]
TestTerraformConfluentPlatformExample 2022-08-01T19:28:07Z logger.go:66: module.confluent_platform.kubernetes_manifest.components["controlcenter"]: Still creating... [11m22s elapsed]
TestTerraformConfluentPlatformExample 2022-08-01T19:28:17Z logger.go:66: module.confluent_platform.kubernetes_manifest.components["ksqldb"]: Still creating... [11m30s elapsed]
TestTerraformConfluentPlatformExample 2022-08-01T19:28:17Z logger.go:66: module.confluent_platform.kubernetes_manifest.components["connect"]: Still creating... [11m31s elapsed]
TestTerraformConfluentPlatformExample 2022-08-01T19:28:17Z logger.go:66: module.confluent_platform.kubernetes_manifest.components["controlcenter"]: Still creating... [11m32s elapsed]
TestTerraformConfluentPlatformExample 2022-08-01T19:28:17Z logger.go:66: module.confluent_platform.kubernetes_manifest.components["schemaregistry"]: Still creating... [11m32s elapsed]
TestTerraformConfluentPlatformExample 2022-08-01T19:28:27Z logger.go:66: module.confluent_platform.kubernetes_manifest.components["ksqldb"]: Still creating... [11m40s elapsed]
TestTerraformConfluentPlatformExample 2022-08-01T19:28:27Z logger.go:66: module.confluent_platform.kubernetes_manifest.components["connect"]: Still creating... [11m41s elapsed]
TestTerraformConfluentPlatformExample 2022-08-01T19:28:27Z logger.go:66: module.confluent_platform.kubernetes_manifest.components["schemaregistry"]: Still creating... [11m42s elapsed]
TestTerraformConfluentPlatformExample 2022-08-01T19:28:27Z logger.go:66: module.confluent_platform.kubernetes_manifest.components["controlcenter"]: Still creating... [11m42s elapsed]
TestTerraformConfluentPlatformExample 2022-08-01T19:28:36Z logger.go:66: module.confluent_platform.kubernetes_manifest.components["ksqldb"]: Still creating... [11m50s elapsed]
TestTerraformConfluentPlatformExample 2022-08-01T19:28:37Z logger.go:66: module.confluent_platform.kubernetes_manifest.components["connect"]: Still creating... [11m51s elapsed]
TestTerraformConfluentPlatformExample 2022-08-01T19:28:37Z logger.go:66: module.confluent_platform.kubernetes_manifest.components["schemaregistry"]: Still creating... [11m52s elapsed]
TestTerraformConfluentPlatformExample 2022-08-01T19:28:37Z logger.go:66: module.confluent_platform.kubernetes_manifest.components["controlcenter"]: Still creating... [11m52s elapsed]
TestTerraformConfluentPlatformExample 2022-08-01T19:28:46Z logger.go:66: module.confluent_platform.kubernetes_manifest.components["ksqldb"]: Still creating... [12m0s elapsed]
TestTerraformConfluentPlatformExample 2022-08-01T19:28:47Z logger.go:66: module.confluent_platform.kubernetes_manifest.components["connect"]: Still creating... [12m1s elapsed]
TestTerraformConfluentPlatformExample 2022-08-01T19:28:47Z logger.go:66: module.confluent_platform.kubernetes_manifest.components["schemaregistry"]: Still creating... [12m2s elapsed]
TestTerraformConfluentPlatformExample 2022-08-01T19:28:47Z logger.go:66: module.confluent_platform.kubernetes_manifest.components["controlcenter"]: Still creating... [12m2s elapsed]
TestTerraformConfluentPlatformExample 2022-08-01T19:28:56Z logger.go:66: module.confluent_platform.kubernetes_manifest.components["ksqldb"]: Still creating... [12m10s elapsed]
TestTerraformConfluentPlatformExample 2022-08-01T19:28:57Z logger.go:66: module.confluent_platform.kubernetes_manifest.components["connect"]: Still creating... [12m11s elapsed]
TestTerraformConfluentPlatformExample 2022-08-01T19:28:57Z logger.go:66: module.confluent_platform.kubernetes_manifest.components["schemaregistry"]: Still creating... [12m12s elapsed]
TestTerraformConfluentPlatformExample 2022-08-01T19:28:57Z logger.go:66: module.confluent_platform.kubernetes_manifest.components["controlcenter"]: Still creating... [12m12s elapsed]
TestTerraformConfluentPlatformExample 2022-08-01T19:29:07Z logger.go:66: module.confluent_platform.kubernetes_manifest.components["ksqldb"]: Still creating... [12m20s elapsed]
TestTerraformConfluentPlatformExample 2022-08-01T19:29:07Z logger.go:66: module.confluent_platform.kubernetes_manifest.components["connect"]: Still creating... [12m21s elapsed]
TestTerraformConfluentPlatformExample 2022-08-01T19:29:07Z logger.go:66: module.confluent_platform.kubernetes_manifest.components["controlcenter"]: Still creating... [12m22s elapsed]
TestTerraformConfluentPlatformExample 2022-08-01T19:29:07Z logger.go:66: module.confluent_platform.kubernetes_manifest.components["schemaregistry"]: Still creating... [12m22s elapsed]
TestTerraformConfluentPlatformExample 2022-08-01T19:29:17Z logger.go:66: module.confluent_platform.kubernetes_manifest.components["ksqldb"]: Still creating... [12m30s elapsed]
TestTerraformConfluentPlatformExample 2022-08-01T19:29:17Z logger.go:66: module.confluent_platform.kubernetes_manifest.components["connect"]: Still creating... [12m31s elapsed]
TestTerraformConfluentPlatformExample 2022-08-01T19:29:17Z logger.go:66: module.confluent_platform.kubernetes_manifest.components["schemaregistry"]: Still creating... [12m32s elapsed]
TestTerraformConfluentPlatformExample 2022-08-01T19:29:17Z logger.go:66: module.confluent_platform.kubernetes_manifest.components["controlcenter"]: Still creating... [12m32s elapsed]
TestTerraformConfluentPlatformExample 2022-08-01T19:29:27Z logger.go:66: module.confluent_platform.kubernetes_manifest.components["ksqldb"]: Still creating... [12m40s elapsed]
TestTerraformConfluentPlatformExample 2022-08-01T19:29:27Z logger.go:66: module.confluent_platform.kubernetes_manifest.components["connect"]: Still creating... [12m41s elapsed]
TestTerraformConfluentPlatformExample 2022-08-01T19:29:27Z logger.go:66: module.confluent_platform.kubernetes_manifest.components["controlcenter"]: Still creating... [12m42s elapsed]
TestTerraformConfluentPlatformExample 2022-08-01T19:29:27Z logger.go:66: module.confluent_platform.kubernetes_manifest.components["schemaregistry"]: Still creating... [12m42s elapsed]
TestTerraformConfluentPlatformExample 2022-08-01T19:29:37Z logger.go:66: module.confluent_platform.kubernetes_manifest.components["ksqldb"]: Still creating... [12m50s elapsed]
TestTerraformConfluentPlatformExample 2022-08-01T19:29:37Z logger.go:66: module.confluent_platform.kubernetes_manifest.components["connect"]: Still creating... [12m51s elapsed]
TestTerraformConfluentPlatformExample 2022-08-01T19:29:37Z logger.go:66: module.confluent_platform.kubernetes_manifest.components["schemaregistry"]: Still creating... [12m52s elapsed]
TestTerraformConfluentPlatformExample 2022-08-01T19:29:37Z logger.go:66: module.confluent_platform.kubernetes_manifest.components["controlcenter"]: Still creating... [12m52s elapsed]
TestTerraformConfluentPlatformExample 2022-08-01T19:29:47Z logger.go:66: module.confluent_platform.kubernetes_manifest.components["ksqldb"]: Still creating... [13m0s elapsed]
TestTerraformConfluentPlatformExample 2022-08-01T19:29:47Z logger.go:66: module.confluent_platform.kubernetes_manifest.components["connect"]: Still creating... [13m1s elapsed]
TestTerraformConfluentPlatformExample 2022-08-01T19:29:47Z logger.go:66: module.confluent_platform.kubernetes_manifest.components["schemaregistry"]: Still creating... [13m2s elapsed]
TestTerraformConfluentPlatformExample 2022-08-01T19:29:47Z logger.go:66: module.confluent_platform.kubernetes_manifest.components["controlcenter"]: Still creating... [13m2s elapsed]
TestTerraformConfluentPlatformExample 2022-08-01T19:29:57Z logger.go:66: module.confluent_platform.kubernetes_manifest.components["connect"]: Still creating... [13m11s elapsed]
TestTerraformConfluentPlatformExample 2022-08-01T19:29:57Z logger.go:66: module.confluent_platform.kubernetes_manifest.components["ksqldb"]: Still creating... [13m10s elapsed]
TestTerraformConfluentPlatformExample 2022-08-01T19:29:57Z logger.go:66: module.confluent_platform.kubernetes_manifest.components["controlcenter"]: Still creating... [13m12s elapsed]
TestTerraformConfluentPlatformExample 2022-08-01T19:29:57Z logger.go:66: module.confluent_platform.kubernetes_manifest.components["schemaregistry"]: Still creating... [13m12s elapsed]
TestTerraformConfluentPlatformExample 2022-08-01T19:30:07Z logger.go:66: module.confluent_platform.kubernetes_manifest.components["ksqldb"]: Still creating... [13m20s elapsed]
TestTerraformConfluentPlatformExample 2022-08-01T19:30:07Z logger.go:66: module.confluent_platform.kubernetes_manifest.components["connect"]: Still creating... [13m21s elapsed]
TestTerraformConfluentPlatformExample 2022-08-01T19:30:07Z logger.go:66: module.confluent_platform.kubernetes_manifest.components["controlcenter"]: Still creating... [13m22s elapsed]
TestTerraformConfluentPlatformExample 2022-08-01T19:30:07Z logger.go:66: module.confluent_platform.kubernetes_manifest.components["schemaregistry"]: Still creating... [13m22s elapsed]
TestTerraformConfluentPlatformExample 2022-08-01T19:30:17Z logger.go:66: module.confluent_platform.kubernetes_manifest.components["connect"]: Still creating... [13m31s elapsed]
TestTerraformConfluentPlatformExample 2022-08-01T19:30:17Z logger.go:66: module.confluent_platform.kubernetes_manifest.components["ksqldb"]: Still creating... [13m30s elapsed]
TestTerraformConfluentPlatformExample 2022-08-01T19:30:17Z logger.go:66: module.confluent_platform.kubernetes_manifest.components["controlcenter"]: Still creating... [13m32s elapsed]
TestTerraformConfluentPlatformExample 2022-08-01T19:30:17Z logger.go:66: module.confluent_platform.kubernetes_manifest.components["schemaregistry"]: Still creating... [13m32s elapsed]
TestTerraformConfluentPlatformExample 2022-08-01T19:30:27Z logger.go:66: module.confluent_platform.kubernetes_manifest.components["ksqldb"]: Still creating... [13m40s elapsed]
TestTerraformConfluentPlatformExample 2022-08-01T19:30:27Z logger.go:66: module.confluent_platform.kubernetes_manifest.components["connect"]: Still creating... [13m41s elapsed]
TestTerraformConfluentPlatformExample 2022-08-01T19:30:27Z logger.go:66: module.confluent_platform.kubernetes_manifest.components["controlcenter"]: Still creating... [13m42s elapsed]
TestTerraformConfluentPlatformExample 2022-08-01T19:30:27Z logger.go:66: module.confluent_platform.kubernetes_manifest.components["schemaregistry"]: Still creating... [13m42s elapsed]
TestTerraformConfluentPlatformExample 2022-08-01T19:30:37Z logger.go:66: module.confluent_platform.kubernetes_manifest.components["connect"]: Still creating... [13m51s elapsed]
TestTerraformConfluentPlatformExample 2022-08-01T19:30:37Z logger.go:66: module.confluent_platform.kubernetes_manifest.components["ksqldb"]: Still creating... [13m50s elapsed]
TestTerraformConfluentPlatformExample 2022-08-01T19:30:37Z logger.go:66: module.confluent_platform.kubernetes_manifest.components["controlcenter"]: Still creating... [13m52s elapsed]
TestTerraformConfluentPlatformExample 2022-08-01T19:30:37Z logger.go:66: module.confluent_platform.kubernetes_manifest.components["schemaregistry"]: Still creating... [13m52s elapsed]
TestTerraformConfluentPlatformExample 2022-08-01T19:30:47Z logger.go:66: module.confluent_platform.kubernetes_manifest.components["ksqldb"]: Still creating... [14m0s elapsed]
TestTerraformConfluentPlatformExample 2022-08-01T19:30:47Z logger.go:66: module.confluent_platform.kubernetes_manifest.components["connect"]: Still creating... [14m1s elapsed]
TestTerraformConfluentPlatformExample 2022-08-01T19:30:47Z logger.go:66: module.confluent_platform.kubernetes_manifest.components["controlcenter"]: Still creating... [14m2s elapsed]
TestTerraformConfluentPlatformExample 2022-08-01T19:30:47Z logger.go:66: module.confluent_platform.kubernetes_manifest.components["schemaregistry"]: Still creating... [14m2s elapsed]
TestTerraformConfluentPlatformExample 2022-08-01T19:30:57Z logger.go:66: module.confluent_platform.kubernetes_manifest.components["connect"]: Still creating... [14m11s elapsed]
TestTerraformConfluentPlatformExample 2022-08-01T19:30:57Z logger.go:66: module.confluent_platform.kubernetes_manifest.components["ksqldb"]: Still creating... [14m10s elapsed]
TestTerraformConfluentPlatformExample 2022-08-01T19:30:57Z logger.go:66: module.confluent_platform.kubernetes_manifest.components["controlcenter"]: Still creating... [14m12s elapsed]
TestTerraformConfluentPlatformExample 2022-08-01T19:30:57Z logger.go:66: module.confluent_platform.kubernetes_manifest.components["schemaregistry"]: Still creating... [14m12s elapsed]
TestTerraformConfluentPlatformExample 2022-08-01T19:31:07Z logger.go:66: module.confluent_platform.kubernetes_manifest.components["connect"]: Still creating... [14m21s elapsed]
TestTerraformConfluentPlatformExample 2022-08-01T19:31:07Z logger.go:66: module.confluent_platform.kubernetes_manifest.components["ksqldb"]: Still creating... [14m20s elapsed]
TestTerraformConfluentPlatformExample 2022-08-01T19:31:07Z logger.go:66: module.confluent_platform.kubernetes_manifest.components["controlcenter"]: Still creating... [14m22s elapsed]
TestTerraformConfluentPlatformExample 2022-08-01T19:31:07Z logger.go:66: module.confluent_platform.kubernetes_manifest.components["schemaregistry"]: Still creating... [14m22s elapsed]
TestTerraformConfluentPlatformExample 2022-08-01T19:31:14Z logger.go:66: module.confluent_platform.kubernetes_manifest.components["schemaregistry"]: Creation complete after 14m28s
TestTerraformConfluentPlatformExample 2022-08-01T19:31:17Z logger.go:66: module.confluent_platform.kubernetes_manifest.components["connect"]: Still creating... [14m31s elapsed]
TestTerraformConfluentPlatformExample 2022-08-01T19:31:17Z logger.go:66: module.confluent_platform.kubernetes_manifest.components["ksqldb"]: Still creating... [14m30s elapsed]
TestTerraformConfluentPlatformExample 2022-08-01T19:31:17Z logger.go:66: module.confluent_platform.kubernetes_manifest.components["controlcenter"]: Still creating... [14m32s elapsed]
TestTerraformConfluentPlatformExample 2022-08-01T19:31:27Z logger.go:66: module.confluent_platform.kubernetes_manifest.components["ksqldb"]: Still creating... [14m40s elapsed]
TestTerraformConfluentPlatformExample 2022-08-01T19:31:27Z logger.go:66: module.confluent_platform.kubernetes_manifest.components["connect"]: Still creating... [14m41s elapsed]
TestTerraformConfluentPlatformExample 2022-08-01T19:31:27Z logger.go:66: module.confluent_platform.kubernetes_manifest.components["controlcenter"]: Still creating... [14m42s elapsed]
TestTerraformConfluentPlatformExample 2022-08-01T19:31:37Z logger.go:66: module.confluent_platform.kubernetes_manifest.components["ksqldb"]: Still creating... [14m50s elapsed]
TestTerraformConfluentPlatformExample 2022-08-01T19:31:37Z logger.go:66: module.confluent_platform.kubernetes_manifest.components["connect"]: Still creating... [14m51s elapsed]
TestTerraformConfluentPlatformExample 2022-08-01T19:31:37Z logger.go:66: module.confluent_platform.kubernetes_manifest.components["controlcenter"]: Still creating... [14m52s elapsed]
TestTerraformConfluentPlatformExample 2022-08-01T19:31:47Z logger.go:66: module.confluent_platform.kubernetes_manifest.components["ksqldb"]: Still creating... [15m0s elapsed]
TestTerraformConfluentPlatformExample 2022-08-01T19:31:47Z logger.go:66: module.confluent_platform.kubernetes_manifest.components["connect"]: Still creating... [15m1s elapsed]
TestTerraformConfluentPlatformExample 2022-08-01T19:31:47Z logger.go:66: module.confluent_platform.kubernetes_manifest.components["controlcenter"]: Still creating... [15m2s elapsed]
TestTerraformConfluentPlatformExample 2022-08-01T19:31:57Z logger.go:66: module.confluent_platform.kubernetes_manifest.components["ksqldb"]: Still creating... [15m10s elapsed]
TestTerraformConfluentPlatformExample 2022-08-01T19:31:57Z logger.go:66: module.confluent_platform.kubernetes_manifest.components["connect"]: Still creating... [15m11s elapsed]
TestTerraformConfluentPlatformExample 2022-08-01T19:31:57Z logger.go:66: module.confluent_platform.kubernetes_manifest.components["controlcenter"]: Still creating... [15m12s elapsed]
TestTerraformConfluentPlatformExample 2022-08-01T19:32:07Z logger.go:66: module.confluent_platform.kubernetes_manifest.components["connect"]: Still creating... [15m21s elapsed]
TestTerraformConfluentPlatformExample 2022-08-01T19:32:07Z logger.go:66: module.confluent_platform.kubernetes_manifest.components["ksqldb"]: Still creating... [15m20s elapsed]
TestTerraformConfluentPlatformExample 2022-08-01T19:32:07Z logger.go:66: module.confluent_platform.kubernetes_manifest.components["controlcenter"]: Still creating... [15m22s elapsed]
TestTerraformConfluentPlatformExample 2022-08-01T19:32:17Z logger.go:66: module.confluent_platform.kubernetes_manifest.components["ksqldb"]: Still creating... [15m30s elapsed]
TestTerraformConfluentPlatformExample 2022-08-01T19:32:17Z logger.go:66: module.confluent_platform.kubernetes_manifest.components["connect"]: Still creating... [15m31s elapsed]
TestTerraformConfluentPlatformExample 2022-08-01T19:32:17Z logger.go:66: module.confluent_platform.kubernetes_manifest.components["controlcenter"]: Still creating... [15m32s elapsed]
TestTerraformConfluentPlatformExample 2022-08-01T19:32:27Z logger.go:66: module.confluent_platform.kubernetes_manifest.components["connect"]: Still creating... [15m41s elapsed]
TestTerraformConfluentPlatformExample 2022-08-01T19:32:27Z logger.go:66: module.confluent_platform.kubernetes_manifest.components["ksqldb"]: Still creating... [15m40s elapsed]
TestTerraformConfluentPlatformExample 2022-08-01T19:32:27Z logger.go:66: module.confluent_platform.kubernetes_manifest.components["controlcenter"]: Still creating... [15m42s elapsed]
TestTerraformConfluentPlatformExample 2022-08-01T19:32:37Z logger.go:66: module.confluent_platform.kubernetes_manifest.components["ksqldb"]: Still creating... [15m50s elapsed]
TestTerraformConfluentPlatformExample 2022-08-01T19:32:37Z logger.go:66: module.confluent_platform.kubernetes_manifest.components["connect"]: Still creating... [15m51s elapsed]
TestTerraformConfluentPlatformExample 2022-08-01T19:32:37Z logger.go:66: module.confluent_platform.kubernetes_manifest.components["controlcenter"]: Still creating... [15m52s elapsed]
TestTerraformConfluentPlatformExample 2022-08-01T19:32:47Z logger.go:66: module.confluent_platform.kubernetes_manifest.components["ksqldb"]: Still creating... [16m0s elapsed]
TestTerraformConfluentPlatformExample 2022-08-01T19:32:47Z logger.go:66: module.confluent_platform.kubernetes_manifest.components["connect"]: Still creating... [16m1s elapsed]
TestTerraformConfluentPlatformExample 2022-08-01T19:32:47Z logger.go:66: module.confluent_platform.kubernetes_manifest.components["controlcenter"]: Still creating... [16m2s elapsed]
TestTerraformConfluentPlatformExample 2022-08-01T19:32:57Z logger.go:66: module.confluent_platform.kubernetes_manifest.components["ksqldb"]: Still creating... [16m10s elapsed]
TestTerraformConfluentPlatformExample 2022-08-01T19:32:57Z logger.go:66: module.confluent_platform.kubernetes_manifest.components["connect"]: Still creating... [16m11s elapsed]
TestTerraformConfluentPlatformExample 2022-08-01T19:32:57Z logger.go:66: module.confluent_platform.kubernetes_manifest.components["controlcenter"]: Still creating... [16m12s elapsed]
TestTerraformConfluentPlatformExample 2022-08-01T19:33:07Z logger.go:66: module.confluent_platform.kubernetes_manifest.components["ksqldb"]: Still creating... [16m20s elapsed]
TestTerraformConfluentPlatformExample 2022-08-01T19:33:07Z logger.go:66: module.confluent_platform.kubernetes_manifest.components["connect"]: Still creating... [16m21s elapsed]
TestTerraformConfluentPlatformExample 2022-08-01T19:33:07Z logger.go:66: module.confluent_platform.kubernetes_manifest.components["controlcenter"]: Still creating... [16m22s elapsed]
TestTerraformConfluentPlatformExample 2022-08-01T19:33:17Z logger.go:66: module.confluent_platform.kubernetes_manifest.components["connect"]: Still creating... [16m31s elapsed]
TestTerraformConfluentPlatformExample 2022-08-01T19:33:17Z logger.go:66: module.confluent_platform.kubernetes_manifest.components["ksqldb"]: Still creating... [16m30s elapsed]
TestTerraformConfluentPlatformExample 2022-08-01T19:33:17Z logger.go:66: module.confluent_platform.kubernetes_manifest.components["controlcenter"]: Still creating... [16m32s elapsed]
TestTerraformConfluentPlatformExample 2022-08-01T19:33:27Z logger.go:66: module.confluent_platform.kubernetes_manifest.components["connect"]: Still creating... [16m41s elapsed]
TestTerraformConfluentPlatformExample 2022-08-01T19:33:27Z logger.go:66: module.confluent_platform.kubernetes_manifest.components["ksqldb"]: Still creating... [16m40s elapsed]
TestTerraformConfluentPlatformExample 2022-08-01T19:33:27Z logger.go:66: module.confluent_platform.kubernetes_manifest.components["controlcenter"]: Still creating... [16m42s elapsed]
TestTerraformConfluentPlatformExample 2022-08-01T19:33:37Z logger.go:66: module.confluent_platform.kubernetes_manifest.components["connect"]: Still creating... [16m51s elapsed]
TestTerraformConfluentPlatformExample 2022-08-01T19:33:37Z logger.go:66: module.confluent_platform.kubernetes_manifest.components["ksqldb"]: Still creating... [16m50s elapsed]
TestTerraformConfluentPlatformExample 2022-08-01T19:33:37Z logger.go:66: module.confluent_platform.kubernetes_manifest.components["controlcenter"]: Still creating... [16m52s elapsed]
TestTerraformConfluentPlatformExample 2022-08-01T19:33:47Z logger.go:66: module.confluent_platform.kubernetes_manifest.components["connect"]: Still creating... [17m1s elapsed]
TestTerraformConfluentPlatformExample 2022-08-01T19:33:47Z logger.go:66: module.confluent_platform.kubernetes_manifest.components["ksqldb"]: Still creating... [17m0s elapsed]
TestTerraformConfluentPlatformExample 2022-08-01T19:33:47Z logger.go:66: module.confluent_platform.kubernetes_manifest.components["controlcenter"]: Still creating... [17m2s elapsed]
TestTerraformConfluentPlatformExample 2022-08-01T19:33:57Z logger.go:66: module.confluent_platform.kubernetes_manifest.components["connect"]: Still creating... [17m11s elapsed]
TestTerraformConfluentPlatformExample 2022-08-01T19:33:57Z logger.go:66: module.confluent_platform.kubernetes_manifest.components["ksqldb"]: Still creating... [17m10s elapsed]
TestTerraformConfluentPlatformExample 2022-08-01T19:33:57Z logger.go:66: module.confluent_platform.kubernetes_manifest.components["controlcenter"]: Still creating... [17m12s elapsed]
TestTerraformConfluentPlatformExample 2022-08-01T19:34:07Z logger.go:66: module.confluent_platform.kubernetes_manifest.components["ksqldb"]: Still creating... [17m20s elapsed]
TestTerraformConfluentPlatformExample 2022-08-01T19:34:07Z logger.go:66: module.confluent_platform.kubernetes_manifest.components["connect"]: Still creating... [17m21s elapsed]
TestTerraformConfluentPlatformExample 2022-08-01T19:34:07Z logger.go:66: module.confluent_platform.kubernetes_manifest.components["controlcenter"]: Still creating... [17m22s elapsed]
TestTerraformConfluentPlatformExample 2022-08-01T19:34:17Z logger.go:66: module.confluent_platform.kubernetes_manifest.components["connect"]: Still creating... [17m31s elapsed]
TestTerraformConfluentPlatformExample 2022-08-01T19:34:17Z logger.go:66: module.confluent_platform.kubernetes_manifest.components["ksqldb"]: Still creating... [17m30s elapsed]
TestTerraformConfluentPlatformExample 2022-08-01T19:34:17Z logger.go:66: module.confluent_platform.kubernetes_manifest.components["controlcenter"]: Still creating... [17m32s elapsed]
TestTerraformConfluentPlatformExample 2022-08-01T19:34:27Z logger.go:66: module.confluent_platform.kubernetes_manifest.components["ksqldb"]: Still creating... [17m40s elapsed]
TestTerraformConfluentPlatformExample 2022-08-01T19:34:27Z logger.go:66: module.confluent_platform.kubernetes_manifest.components["connect"]: Still creating... [17m41s elapsed]
TestTerraformConfluentPlatformExample 2022-08-01T19:34:27Z logger.go:66: module.confluent_platform.kubernetes_manifest.components["controlcenter"]: Still creating... [17m42s elapsed]
TestTerraformConfluentPlatformExample 2022-08-01T19:34:37Z logger.go:66: module.confluent_platform.kubernetes_manifest.components["connect"]: Still creating... [17m51s elapsed]
TestTerraformConfluentPlatformExample 2022-08-01T19:34:37Z logger.go:66: module.confluent_platform.kubernetes_manifest.components["ksqldb"]: Still creating... [17m50s elapsed]
TestTerraformConfluentPlatformExample 2022-08-01T19:34:37Z logger.go:66: module.confluent_platform.kubernetes_manifest.components["controlcenter"]: Still creating... [17m52s elapsed]
TestTerraformConfluentPlatformExample 2022-08-01T19:34:47Z logger.go:66: module.confluent_platform.kubernetes_manifest.components["ksqldb"]: Still creating... [18m0s elapsed]
TestTerraformConfluentPlatformExample 2022-08-01T19:34:47Z logger.go:66: module.confluent_platform.kubernetes_manifest.components["connect"]: Still creating... [18m1s elapsed]
TestTerraformConfluentPlatformExample 2022-08-01T19:34:47Z logger.go:66: module.confluent_platform.kubernetes_manifest.components["controlcenter"]: Still creating... [18m2s elapsed]
TestTerraformConfluentPlatformExample 2022-08-01T19:34:57Z logger.go:66: module.confluent_platform.kubernetes_manifest.components["connect"]: Still creating... [18m11s elapsed]
TestTerraformConfluentPlatformExample 2022-08-01T19:34:57Z logger.go:66: module.confluent_platform.kubernetes_manifest.components["ksqldb"]: Still creating... [18m10s elapsed]
TestTerraformConfluentPlatformExample 2022-08-01T19:34:57Z logger.go:66: module.confluent_platform.kubernetes_manifest.components["controlcenter"]: Still creating... [18m12s elapsed]
TestTerraformConfluentPlatformExample 2022-08-01T19:35:07Z logger.go:66: module.confluent_platform.kubernetes_manifest.components["ksqldb"]: Still creating... [18m20s elapsed]
TestTerraformConfluentPlatformExample 2022-08-01T19:35:07Z logger.go:66: module.confluent_platform.kubernetes_manifest.components["connect"]: Still creating... [18m21s elapsed]
TestTerraformConfluentPlatformExample 2022-08-01T19:35:07Z logger.go:66: module.confluent_platform.kubernetes_manifest.components["controlcenter"]: Still creating... [18m22s elapsed]
TestTerraformConfluentPlatformExample 2022-08-01T19:35:17Z logger.go:66: module.confluent_platform.kubernetes_manifest.components["ksqldb"]: Still creating... [18m30s elapsed]
TestTerraformConfluentPlatformExample 2022-08-01T19:35:17Z logger.go:66: module.confluent_platform.kubernetes_manifest.components["connect"]: Still creating... [18m31s elapsed]
TestTerraformConfluentPlatformExample 2022-08-01T19:35:18Z logger.go:66: module.confluent_platform.kubernetes_manifest.components["controlcenter"]: Still creating... [18m32s elapsed]
TestTerraformConfluentPlatformExample 2022-08-01T19:35:27Z logger.go:66: module.confluent_platform.kubernetes_manifest.components["connect"]: Still creating... [18m42s elapsed]
TestTerraformConfluentPlatformExample 2022-08-01T19:35:27Z logger.go:66: module.confluent_platform.kubernetes_manifest.components["ksqldb"]: Still creating... [18m40s elapsed]
TestTerraformConfluentPlatformExample 2022-08-01T19:35:28Z logger.go:66: module.confluent_platform.kubernetes_manifest.components["controlcenter"]: Still creating... [18m42s elapsed]
TestTerraformConfluentPlatformExample 2022-08-01T19:35:37Z logger.go:66: module.confluent_platform.kubernetes_manifest.components["ksqldb"]: Still creating... [18m51s elapsed]
TestTerraformConfluentPlatformExample 2022-08-01T19:35:37Z logger.go:66: module.confluent_platform.kubernetes_manifest.components["connect"]: Still creating... [18m52s elapsed]
TestTerraformConfluentPlatformExample 2022-08-01T19:35:38Z logger.go:66: module.confluent_platform.kubernetes_manifest.components["controlcenter"]: Still creating... [18m52s elapsed]
TestTerraformConfluentPlatformExample 2022-08-01T19:35:47Z logger.go:66: module.confluent_platform.kubernetes_manifest.components["connect"]: Still creating... [19m2s elapsed]
TestTerraformConfluentPlatformExample 2022-08-01T19:35:47Z logger.go:66: module.confluent_platform.kubernetes_manifest.components["ksqldb"]: Still creating... [19m1s elapsed]
TestTerraformConfluentPlatformExample 2022-08-01T19:35:48Z logger.go:66: module.confluent_platform.kubernetes_manifest.components["controlcenter"]: Still creating... [19m2s elapsed]
TestTerraformConfluentPlatformExample 2022-08-01T19:35:57Z logger.go:66: module.confluent_platform.kubernetes_manifest.components["connect"]: Still creating... [19m12s elapsed]
TestTerraformConfluentPlatformExample 2022-08-01T19:35:57Z logger.go:66: module.confluent_platform.kubernetes_manifest.components["ksqldb"]: Still creating... [19m11s elapsed]
TestTerraformConfluentPlatformExample 2022-08-01T19:35:58Z logger.go:66: module.confluent_platform.kubernetes_manifest.components["controlcenter"]: Still creating... [19m12s elapsed]
TestTerraformConfluentPlatformExample 2022-08-01T19:36:07Z logger.go:66: module.confluent_platform.kubernetes_manifest.components["ksqldb"]: Still creating... [19m21s elapsed]
TestTerraformConfluentPlatformExample 2022-08-01T19:36:07Z logger.go:66: module.confluent_platform.kubernetes_manifest.components["connect"]: Still creating... [19m22s elapsed]
TestTerraformConfluentPlatformExample 2022-08-01T19:36:08Z logger.go:66: module.confluent_platform.kubernetes_manifest.components["controlcenter"]: Still creating... [19m22s elapsed]
TestTerraformConfluentPlatformExample 2022-08-01T19:36:17Z logger.go:66: module.confluent_platform.kubernetes_manifest.components["ksqldb"]: Still creating... [19m31s elapsed]
TestTerraformConfluentPlatformExample 2022-08-01T19:36:17Z logger.go:66: module.confluent_platform.kubernetes_manifest.components["connect"]: Still creating... [19m32s elapsed]
TestTerraformConfluentPlatformExample 2022-08-01T19:36:18Z logger.go:66: module.confluent_platform.kubernetes_manifest.components["controlcenter"]: Still creating... [19m32s elapsed]
TestTerraformConfluentPlatformExample 2022-08-01T19:36:27Z logger.go:66: module.confluent_platform.kubernetes_manifest.components["connect"]: Still creating... [19m42s elapsed]
TestTerraformConfluentPlatformExample 2022-08-01T19:36:27Z logger.go:66: module.confluent_platform.kubernetes_manifest.components["ksqldb"]: Still creating... [19m41s elapsed]
TestTerraformConfluentPlatformExample 2022-08-01T19:36:28Z logger.go:66: module.confluent_platform.kubernetes_manifest.components["controlcenter"]: Still creating... [19m42s elapsed]
TestTerraformConfluentPlatformExample 2022-08-01T19:36:37Z logger.go:66: module.confluent_platform.kubernetes_manifest.components["ksqldb"]: Still creating... [19m51s elapsed]
TestTerraformConfluentPlatformExample 2022-08-01T19:36:37Z logger.go:66: module.confluent_platform.kubernetes_manifest.components["connect"]: Still creating... [19m52s elapsed]
TestTerraformConfluentPlatformExample 2022-08-01T19:36:38Z logger.go:66: module.confluent_platform.kubernetes_manifest.components["controlcenter"]: Still creating... [19m52s elapsed]
TestTerraformConfluentPlatformExample 2022-08-01T19:36:47Z logger.go:66: module.confluent_platform.kubernetes_manifest.components["ksqldb"]: Still creating... [20m1s elapsed]
TestTerraformConfluentPlatformExample 2022-08-01T19:36:47Z logger.go:66: module.confluent_platform.kubernetes_manifest.components["connect"]: Still creating... [20m2s elapsed]
TestTerraformConfluentPlatformExample 2022-08-01T19:36:48Z logger.go:66: module.confluent_platform.kubernetes_manifest.components["controlcenter"]: Still creating... [20m2s elapsed]
TestTerraformConfluentPlatformExample 2022-08-01T19:36:58Z logger.go:66: module.confluent_platform.kubernetes_manifest.components["connect"]: Still creating... [20m12s elapsed]
TestTerraformConfluentPlatformExample 2022-08-01T19:36:58Z logger.go:66: module.confluent_platform.kubernetes_manifest.components["ksqldb"]: Still creating... [20m11s elapsed]
TestTerraformConfluentPlatformExample 2022-08-01T19:36:58Z logger.go:66: module.confluent_platform.kubernetes_manifest.components["controlcenter"]: Still creating... [20m12s elapsed]
TestTerraformConfluentPlatformExample 2022-08-01T19:37:07Z logger.go:66: module.confluent_platform.kubernetes_manifest.components["connect"]: Still creating... [20m22s elapsed]
TestTerraformConfluentPlatformExample 2022-08-01T19:37:07Z logger.go:66: module.confluent_platform.kubernetes_manifest.components["ksqldb"]: Still creating... [20m21s elapsed]
TestTerraformConfluentPlatformExample 2022-08-01T19:37:08Z logger.go:66: module.confluent_platform.kubernetes_manifest.components["controlcenter"]: Still creating... [20m22s elapsed]
TestTerraformConfluentPlatformExample 2022-08-01T19:37:17Z logger.go:66: module.confluent_platform.kubernetes_manifest.components["connect"]: Still creating... [20m32s elapsed]
TestTerraformConfluentPlatformExample 2022-08-01T19:37:17Z logger.go:66: module.confluent_platform.kubernetes_manifest.components["ksqldb"]: Still creating... [20m31s elapsed]
TestTerraformConfluentPlatformExample 2022-08-01T19:37:18Z logger.go:66: module.confluent_platform.kubernetes_manifest.components["controlcenter"]: Still creating... [20m32s elapsed]
TestTerraformConfluentPlatformExample 2022-08-01T19:37:27Z logger.go:66: module.confluent_platform.kubernetes_manifest.components["connect"]: Still creating... [20m42s elapsed]
TestTerraformConfluentPlatformExample 2022-08-01T19:37:27Z logger.go:66: module.confluent_platform.kubernetes_manifest.components["ksqldb"]: Still creating... [20m41s elapsed]
TestTerraformConfluentPlatformExample 2022-08-01T19:37:28Z logger.go:66: module.confluent_platform.kubernetes_manifest.components["controlcenter"]: Still creating... [20m42s elapsed]
TestTerraformConfluentPlatformExample 2022-08-01T19:37:37Z logger.go:66: module.confluent_platform.kubernetes_manifest.components["ksqldb"]: Still creating... [20m51s elapsed]
TestTerraformConfluentPlatformExample 2022-08-01T19:37:37Z logger.go:66: module.confluent_platform.kubernetes_manifest.components["connect"]: Still creating... [20m52s elapsed]
TestTerraformConfluentPlatformExample 2022-08-01T19:37:38Z logger.go:66: module.confluent_platform.kubernetes_manifest.components["controlcenter"]: Still creating... [20m52s elapsed]
TestTerraformConfluentPlatformExample 2022-08-01T19:37:47Z logger.go:66: module.confluent_platform.kubernetes_manifest.components["ksqldb"]: Still creating... [21m1s elapsed]
TestTerraformConfluentPlatformExample 2022-08-01T19:37:47Z logger.go:66: module.confluent_platform.kubernetes_manifest.components["connect"]: Still creating... [21m2s elapsed]
TestTerraformConfluentPlatformExample 2022-08-01T19:37:48Z logger.go:66: module.confluent_platform.kubernetes_manifest.components["controlcenter"]: Still creating... [21m2s elapsed]
TestTerraformConfluentPlatformExample 2022-08-01T19:37:57Z logger.go:66: module.confluent_platform.kubernetes_manifest.components["ksqldb"]: Still creating... [21m11s elapsed]
TestTerraformConfluentPlatformExample 2022-08-01T19:37:57Z logger.go:66: module.confluent_platform.kubernetes_manifest.components["connect"]: Still creating... [21m12s elapsed]
TestTerraformConfluentPlatformExample 2022-08-01T19:37:58Z logger.go:66: module.confluent_platform.kubernetes_manifest.components["controlcenter"]: Still creating... [21m12s elapsed]
TestTerraformConfluentPlatformExample 2022-08-01T19:38:08Z logger.go:66: module.confluent_platform.kubernetes_manifest.components["controlcenter"]: Still creating... [21m22s elapsed]
TestTerraformConfluentPlatformExample 2022-08-01T19:38:08Z logger.go:66: module.confluent_platform.kubernetes_manifest.components["connect"]: Still creating... [21m22s elapsed]
TestTerraformConfluentPlatformExample 2022-08-01T19:38:08Z logger.go:66: module.confluent_platform.kubernetes_manifest.components["ksqldb"]: Still creating... [21m21s elapsed]
TestTerraformConfluentPlatformExample 2022-08-01T19:38:18Z logger.go:66: module.confluent_platform.kubernetes_manifest.components["connect"]: Still creating... [21m32s elapsed]
TestTerraformConfluentPlatformExample 2022-08-01T19:38:18Z logger.go:66: module.confluent_platform.kubernetes_manifest.components["ksqldb"]: Still creating... [21m31s elapsed]
TestTerraformConfluentPlatformExample 2022-08-01T19:38:18Z logger.go:66: module.confluent_platform.kubernetes_manifest.components["controlcenter"]: Still creating... [21m32s elapsed]
TestTerraformConfluentPlatformExample 2022-08-01T19:38:27Z logger.go:66: module.confluent_platform.kubernetes_manifest.components["controlcenter"]: Still creating... [21m42s elapsed]
TestTerraformConfluentPlatformExample 2022-08-01T19:38:27Z logger.go:66: module.confluent_platform.kubernetes_manifest.components["ksqldb"]: Still creating... [21m41s elapsed]
TestTerraformConfluentPlatformExample 2022-08-01T19:38:27Z logger.go:66: module.confluent_platform.kubernetes_manifest.components["connect"]: Still creating... [21m42s elapsed]
TestTerraformConfluentPlatformExample 2022-08-01T19:38:37Z logger.go:66: module.confluent_platform.kubernetes_manifest.components["connect"]: Still creating... [21m52s elapsed]
TestTerraformConfluentPlatformExample 2022-08-01T19:38:37Z logger.go:66: module.confluent_platform.kubernetes_manifest.components["ksqldb"]: Still creating... [21m51s elapsed]
TestTerraformConfluentPlatformExample 2022-08-01T19:38:37Z logger.go:66: module.confluent_platform.kubernetes_manifest.components["controlcenter"]: Still creating... [21m52s elapsed]
TestTerraformConfluentPlatformExample 2022-08-01T19:38:47Z logger.go:66: module.confluent_platform.kubernetes_manifest.components["controlcenter"]: Still creating... [22m2s elapsed]
TestTerraformConfluentPlatformExample 2022-08-01T19:38:47Z logger.go:66: module.confluent_platform.kubernetes_manifest.components["connect"]: Still creating... [22m2s elapsed]
TestTerraformConfluentPlatformExample 2022-08-01T19:38:47Z logger.go:66: module.confluent_platform.kubernetes_manifest.components["ksqldb"]: Still creating... [22m1s elapsed]
TestTerraformConfluentPlatformExample 2022-08-01T19:38:58Z logger.go:66: module.confluent_platform.kubernetes_manifest.components["ksqldb"]: Still creating... [22m11s elapsed]
TestTerraformConfluentPlatformExample 2022-08-01T19:38:58Z logger.go:66: module.confluent_platform.kubernetes_manifest.components["connect"]: Still creating... [22m12s elapsed]
TestTerraformConfluentPlatformExample 2022-08-01T19:38:58Z logger.go:66: module.confluent_platform.kubernetes_manifest.components["controlcenter"]: Still creating... [22m12s elapsed]
TestTerraformConfluentPlatformExample 2022-08-01T19:39:08Z logger.go:66: module.confluent_platform.kubernetes_manifest.components["ksqldb"]: Still creating... [22m21s elapsed]
TestTerraformConfluentPlatformExample 2022-08-01T19:39:08Z logger.go:66: module.confluent_platform.kubernetes_manifest.components["controlcenter"]: Still creating... [22m22s elapsed]
TestTerraformConfluentPlatformExample 2022-08-01T19:39:08Z logger.go:66: module.confluent_platform.kubernetes_manifest.components["connect"]: Still creating... [22m22s elapsed]
TestTerraformConfluentPlatformExample 2022-08-01T19:39:18Z logger.go:66: module.confluent_platform.kubernetes_manifest.components["controlcenter"]: Still creating... [22m32s elapsed]
TestTerraformConfluentPlatformExample 2022-08-01T19:39:18Z logger.go:66: module.confluent_platform.kubernetes_manifest.components["connect"]: Still creating... [22m32s elapsed]
TestTerraformConfluentPlatformExample 2022-08-01T19:39:18Z logger.go:66: module.confluent_platform.kubernetes_manifest.components["ksqldb"]: Still creating... [22m31s elapsed]
TestTerraformConfluentPlatformExample 2022-08-01T19:39:27Z logger.go:66: module.confluent_platform.kubernetes_manifest.components["ksqldb"]: Creation complete after 22m40s
TestTerraformConfluentPlatformExample 2022-08-01T19:39:28Z logger.go:66: module.confluent_platform.kubernetes_manifest.components["connect"]: Still creating... [22m42s elapsed]
TestTerraformConfluentPlatformExample 2022-08-01T19:39:28Z logger.go:66: module.confluent_platform.kubernetes_manifest.components["controlcenter"]: Still creating... [22m42s elapsed]
TestTerraformConfluentPlatformExample 2022-08-01T19:39:38Z logger.go:66: module.confluent_platform.kubernetes_manifest.components["connect"]: Still creating... [22m52s elapsed]
TestTerraformConfluentPlatformExample 2022-08-01T19:39:38Z logger.go:66: module.confluent_platform.kubernetes_manifest.components["controlcenter"]: Still creating... [22m52s elapsed]
TestTerraformConfluentPlatformExample 2022-08-01T19:39:48Z logger.go:66: module.confluent_platform.kubernetes_manifest.components["controlcenter"]: Still creating... [23m2s elapsed]
TestTerraformConfluentPlatformExample 2022-08-01T19:39:48Z logger.go:66: module.confluent_platform.kubernetes_manifest.components["connect"]: Still creating... [23m2s elapsed]
TestTerraformConfluentPlatformExample 2022-08-01T19:39:58Z logger.go:66: module.confluent_platform.kubernetes_manifest.components["connect"]: Still creating... [23m12s elapsed]
TestTerraformConfluentPlatformExample 2022-08-01T19:39:58Z logger.go:66: module.confluent_platform.kubernetes_manifest.components["controlcenter"]: Still creating... [23m12s elapsed]
TestTerraformConfluentPlatformExample 2022-08-01T19:40:08Z logger.go:66: module.confluent_platform.kubernetes_manifest.components["connect"]: Still creating... [23m22s elapsed]
TestTerraformConfluentPlatformExample 2022-08-01T19:40:08Z logger.go:66: module.confluent_platform.kubernetes_manifest.components["controlcenter"]: Still creating... [23m22s elapsed]
TestTerraformConfluentPlatformExample 2022-08-01T19:40:18Z logger.go:66: module.confluent_platform.kubernetes_manifest.components["controlcenter"]: Still creating... [23m32s elapsed]
TestTerraformConfluentPlatformExample 2022-08-01T19:40:18Z logger.go:66: module.confluent_platform.kubernetes_manifest.components["connect"]: Still creating... [23m32s elapsed]
TestTerraformConfluentPlatformExample 2022-08-01T19:40:28Z logger.go:66: module.confluent_platform.kubernetes_manifest.components["controlcenter"]: Still creating... [23m42s elapsed]
TestTerraformConfluentPlatformExample 2022-08-01T19:40:28Z logger.go:66: module.confluent_platform.kubernetes_manifest.components["connect"]: Still creating... [23m42s elapsed]
TestTerraformConfluentPlatformExample 2022-08-01T19:40:38Z logger.go:66: module.confluent_platform.kubernetes_manifest.components["connect"]: Still creating... [23m52s elapsed]
TestTerraformConfluentPlatformExample 2022-08-01T19:40:38Z logger.go:66: module.confluent_platform.kubernetes_manifest.components["controlcenter"]: Still creating... [23m52s elapsed]
TestTerraformConfluentPlatformExample 2022-08-01T19:40:48Z logger.go:66: module.confluent_platform.kubernetes_manifest.components["connect"]: Still creating... [24m2s elapsed]
TestTerraformConfluentPlatformExample 2022-08-01T19:40:48Z logger.go:66: module.confluent_platform.kubernetes_manifest.components["controlcenter"]: Still creating... [24m2s elapsed]
TestTerraformConfluentPlatformExample 2022-08-01T19:40:58Z logger.go:66: module.confluent_platform.kubernetes_manifest.components["controlcenter"]: Still creating... [24m12s elapsed]
TestTerraformConfluentPlatformExample 2022-08-01T19:40:58Z logger.go:66: module.confluent_platform.kubernetes_manifest.components["connect"]: Still creating... [24m12s elapsed]
TestTerraformConfluentPlatformExample 2022-08-01T19:41:08Z logger.go:66: module.confluent_platform.kubernetes_manifest.components["connect"]: Still creating... [24m22s elapsed]
TestTerraformConfluentPlatformExample 2022-08-01T19:41:08Z logger.go:66: module.confluent_platform.kubernetes_manifest.components["controlcenter"]: Still creating... [24m22s elapsed]
TestTerraformConfluentPlatformExample 2022-08-01T19:41:18Z logger.go:66: module.confluent_platform.kubernetes_manifest.components["connect"]: Still creating... [24m32s elapsed]
TestTerraformConfluentPlatformExample 2022-08-01T19:41:18Z logger.go:66: module.confluent_platform.kubernetes_manifest.components["controlcenter"]: Still creating... [24m32s elapsed]
TestTerraformConfluentPlatformExample 2022-08-01T19:41:28Z logger.go:66: module.confluent_platform.kubernetes_manifest.components["connect"]: Still creating... [24m42s elapsed]
TestTerraformConfluentPlatformExample 2022-08-01T19:41:28Z logger.go:66: module.confluent_platform.kubernetes_manifest.components["controlcenter"]: Still creating... [24m42s elapsed]
TestTerraformConfluentPlatformExample 2022-08-01T19:41:38Z logger.go:66: module.confluent_platform.kubernetes_manifest.components["connect"]: Still creating... [24m52s elapsed]
TestTerraformConfluentPlatformExample 2022-08-01T19:41:38Z logger.go:66: module.confluent_platform.kubernetes_manifest.components["controlcenter"]: Still creating... [24m52s elapsed]
TestTerraformConfluentPlatformExample 2022-08-01T19:41:48Z logger.go:66: module.confluent_platform.kubernetes_manifest.components["controlcenter"]: Still creating... [25m2s elapsed]
TestTerraformConfluentPlatformExample 2022-08-01T19:41:48Z logger.go:66: module.confluent_platform.kubernetes_manifest.components["connect"]: Still creating... [25m2s elapsed]
TestTerraformConfluentPlatformExample 2022-08-01T19:41:58Z logger.go:66: module.confluent_platform.kubernetes_manifest.components["controlcenter"]: Still creating... [25m12s elapsed]
TestTerraformConfluentPlatformExample 2022-08-01T19:41:58Z logger.go:66: module.confluent_platform.kubernetes_manifest.components["connect"]: Still creating... [25m12s elapsed]
TestTerraformConfluentPlatformExample 2022-08-01T19:42:08Z logger.go:66: module.confluent_platform.kubernetes_manifest.components["connect"]: Still creating... [25m22s elapsed]
TestTerraformConfluentPlatformExample 2022-08-01T19:42:08Z logger.go:66: module.confluent_platform.kubernetes_manifest.components["controlcenter"]: Still creating... [25m22s elapsed]
TestTerraformConfluentPlatformExample 2022-08-01T19:42:18Z logger.go:66: module.confluent_platform.kubernetes_manifest.components["connect"]: Still creating... [25m32s elapsed]
TestTerraformConfluentPlatformExample 2022-08-01T19:42:18Z logger.go:66: module.confluent_platform.kubernetes_manifest.components["controlcenter"]: Still creating... [25m32s elapsed]
TestTerraformConfluentPlatformExample 2022-08-01T19:42:28Z logger.go:66: module.confluent_platform.kubernetes_manifest.components["controlcenter"]: Still creating... [25m42s elapsed]
TestTerraformConfluentPlatformExample 2022-08-01T19:42:28Z logger.go:66: module.confluent_platform.kubernetes_manifest.components["connect"]: Still creating... [25m42s elapsed]
TestTerraformConfluentPlatformExample 2022-08-01T19:42:38Z logger.go:66: module.confluent_platform.kubernetes_manifest.components["controlcenter"]: Still creating... [25m52s elapsed]
TestTerraformConfluentPlatformExample 2022-08-01T19:42:38Z logger.go:66: module.confluent_platform.kubernetes_manifest.components["connect"]: Still creating... [25m52s elapsed]
TestTerraformConfluentPlatformExample 2022-08-01T19:42:48Z logger.go:66: module.confluent_platform.kubernetes_manifest.components["connect"]: Still creating... [26m2s elapsed]
TestTerraformConfluentPlatformExample 2022-08-01T19:42:48Z logger.go:66: module.confluent_platform.kubernetes_manifest.components["controlcenter"]: Still creating... [26m2s elapsed]
TestTerraformConfluentPlatformExample 2022-08-01T19:42:58Z logger.go:66: module.confluent_platform.kubernetes_manifest.components["controlcenter"]: Still creating... [26m12s elapsed]
TestTerraformConfluentPlatformExample 2022-08-01T19:42:58Z logger.go:66: module.confluent_platform.kubernetes_manifest.components["connect"]: Still creating... [26m12s elapsed]
TestTerraformConfluentPlatformExample 2022-08-01T19:43:08Z logger.go:66: module.confluent_platform.kubernetes_manifest.components["controlcenter"]: Still creating... [26m22s elapsed]
TestTerraformConfluentPlatformExample 2022-08-01T19:43:08Z logger.go:66: module.confluent_platform.kubernetes_manifest.components["connect"]: Still creating... [26m22s elapsed]
TestTerraformConfluentPlatformExample 2022-08-01T19:43:18Z logger.go:66: module.confluent_platform.kubernetes_manifest.components["controlcenter"]: Still creating... [26m32s elapsed]
TestTerraformConfluentPlatformExample 2022-08-01T19:43:18Z logger.go:66: module.confluent_platform.kubernetes_manifest.components["connect"]: Still creating... [26m32s elapsed]
TestTerraformConfluentPlatformExample 2022-08-01T19:43:28Z logger.go:66: module.confluent_platform.kubernetes_manifest.components["controlcenter"]: Still creating... [26m42s elapsed]
TestTerraformConfluentPlatformExample 2022-08-01T19:43:28Z logger.go:66: module.confluent_platform.kubernetes_manifest.components["connect"]: Still creating... [26m42s elapsed]
TestTerraformConfluentPlatformExample 2022-08-01T19:43:38Z logger.go:66: module.confluent_platform.kubernetes_manifest.components["connect"]: Still creating... [26m52s elapsed]
TestTerraformConfluentPlatformExample 2022-08-01T19:43:38Z logger.go:66: module.confluent_platform.kubernetes_manifest.components["controlcenter"]: Still creating... [26m52s elapsed]
TestTerraformConfluentPlatformExample 2022-08-01T19:43:48Z logger.go:66: module.confluent_platform.kubernetes_manifest.components["connect"]: Still creating... [27m2s elapsed]
TestTerraformConfluentPlatformExample 2022-08-01T19:43:48Z logger.go:66: module.confluent_platform.kubernetes_manifest.components["controlcenter"]: Still creating... [27m2s elapsed]
TestTerraformConfluentPlatformExample 2022-08-01T19:43:58Z logger.go:66: module.confluent_platform.kubernetes_manifest.components["connect"]: Still creating... [27m12s elapsed]
TestTerraformConfluentPlatformExample 2022-08-01T19:43:58Z logger.go:66: module.confluent_platform.kubernetes_manifest.components["controlcenter"]: Still creating... [27m12s elapsed]
TestTerraformConfluentPlatformExample 2022-08-01T19:44:08Z logger.go:66: module.confluent_platform.kubernetes_manifest.components["controlcenter"]: Still creating... [27m22s elapsed]
TestTerraformConfluentPlatformExample 2022-08-01T19:44:08Z logger.go:66: module.confluent_platform.kubernetes_manifest.components["connect"]: Still creating... [27m22s elapsed]
TestTerraformConfluentPlatformExample 2022-08-01T19:44:18Z logger.go:66: module.confluent_platform.kubernetes_manifest.components["connect"]: Still creating... [27m32s elapsed]
TestTerraformConfluentPlatformExample 2022-08-01T19:44:18Z logger.go:66: module.confluent_platform.kubernetes_manifest.components["controlcenter"]: Still creating... [27m32s elapsed]
TestTerraformConfluentPlatformExample 2022-08-01T19:44:28Z logger.go:66: module.confluent_platform.kubernetes_manifest.components["connect"]: Still creating... [27m42s elapsed]
TestTerraformConfluentPlatformExample 2022-08-01T19:44:28Z logger.go:66: module.confluent_platform.kubernetes_manifest.components["controlcenter"]: Still creating... [27m42s elapsed]
TestTerraformConfluentPlatformExample 2022-08-01T19:44:38Z logger.go:66: module.confluent_platform.kubernetes_manifest.components["connect"]: Still creating... [27m52s elapsed]
TestTerraformConfluentPlatformExample 2022-08-01T19:44:38Z logger.go:66: module.confluent_platform.kubernetes_manifest.components["controlcenter"]: Still creating... [27m52s elapsed]
TestTerraformConfluentPlatformExample 2022-08-01T19:44:48Z logger.go:66: module.confluent_platform.kubernetes_manifest.components["controlcenter"]: Still creating... [28m2s elapsed]
TestTerraformConfluentPlatformExample 2022-08-01T19:44:48Z logger.go:66: module.confluent_platform.kubernetes_manifest.components["connect"]: Still creating... [28m2s elapsed]
TestTerraformConfluentPlatformExample 2022-08-01T19:44:58Z logger.go:66: module.confluent_platform.kubernetes_manifest.components["controlcenter"]: Still creating... [28m12s elapsed]
TestTerraformConfluentPlatformExample 2022-08-01T19:44:58Z logger.go:66: module.confluent_platform.kubernetes_manifest.components["connect"]: Still creating... [28m12s elapsed]
TestTerraformConfluentPlatformExample 2022-08-01T19:45:08Z logger.go:66: module.confluent_platform.kubernetes_manifest.components["connect"]: Still creating... [28m22s elapsed]
TestTerraformConfluentPlatformExample 2022-08-01T19:45:08Z logger.go:66: module.confluent_platform.kubernetes_manifest.components["controlcenter"]: Still creating... [28m22s elapsed]
TestTerraformConfluentPlatformExample 2022-08-01T19:45:18Z logger.go:66: module.confluent_platform.kubernetes_manifest.components["connect"]: Still creating... [28m32s elapsed]
TestTerraformConfluentPlatformExample 2022-08-01T19:45:18Z logger.go:66: module.confluent_platform.kubernetes_manifest.components["controlcenter"]: Still creating... [28m32s elapsed]
TestTerraformConfluentPlatformExample 2022-08-01T19:45:28Z logger.go:66: module.confluent_platform.kubernetes_manifest.components["connect"]: Still creating... [28m42s elapsed]
TestTerraformConfluentPlatformExample 2022-08-01T19:45:28Z logger.go:66: module.confluent_platform.kubernetes_manifest.components["controlcenter"]: Still creating... [28m42s elapsed]
TestTerraformConfluentPlatformExample 2022-08-01T19:45:38Z logger.go:66: module.confluent_platform.kubernetes_manifest.components["connect"]: Still creating... [28m52s elapsed]
TestTerraformConfluentPlatformExample 2022-08-01T19:45:38Z logger.go:66: module.confluent_platform.kubernetes_manifest.components["controlcenter"]: Still creating... [28m52s elapsed]
