=== RUN   TestTerraformConfluentPlatformSinglenodeExample
TestTerraformConfluentPlatformSinglenodeExample 2022-08-01T17:48:25Z retry.go:91: terraform [init -upgrade=false]
TestTerraformConfluentPlatformSinglenodeExample 2022-08-01T17:48:25Z logger.go:66: Running command terraform with args [init -upgrade=false]
TestTerraformConfluentPlatformSinglenodeExample 2022-08-01T17:48:25Z logger.go:66: [0m[1mInitializing modules...[0m
TestTerraformConfluentPlatformSinglenodeExample 2022-08-01T17:48:25Z logger.go:66:
TestTerraformConfluentPlatformSinglenodeExample 2022-08-01T17:48:25Z logger.go:66: [0m[1mInitializing the backend...[0m
TestTerraformConfluentPlatformSinglenodeExample 2022-08-01T17:48:26Z logger.go:66:
TestTerraformConfluentPlatformSinglenodeExample 2022-08-01T17:48:26Z logger.go:66: [0m[1mInitializing provider plugins...[0m
TestTerraformConfluentPlatformSinglenodeExample 2022-08-01T17:48:26Z logger.go:66: - Reusing previous version of hashicorp/helm from the dependency lock file
TestTerraformConfluentPlatformSinglenodeExample 2022-08-01T17:48:26Z logger.go:66: - Reusing previous version of hashicorp/kubernetes from the dependency lock file
TestTerraformConfluentPlatformSinglenodeExample 2022-08-01T17:48:26Z logger.go:66: - Using previously-installed hashicorp/kubernetes v2.12.1
TestTerraformConfluentPlatformSinglenodeExample 2022-08-01T17:48:26Z logger.go:66: - Using previously-installed hashicorp/helm v2.6.0
TestTerraformConfluentPlatformSinglenodeExample 2022-08-01T17:48:26Z logger.go:66:
TestTerraformConfluentPlatformSinglenodeExample 2022-08-01T17:48:26Z logger.go:66: [0m[1m[32mTerraform has been successfully initialized![0m[32m[0m
TestTerraformConfluentPlatformSinglenodeExample 2022-08-01T17:48:26Z logger.go:66: [0m[32m
TestTerraformConfluentPlatformSinglenodeExample 2022-08-01T17:48:26Z logger.go:66: You may now begin working with Terraform. Try running "terraform plan" to see
TestTerraformConfluentPlatformSinglenodeExample 2022-08-01T17:48:26Z logger.go:66: any changes that are required for your infrastructure. All Terraform commands
TestTerraformConfluentPlatformSinglenodeExample 2022-08-01T17:48:26Z logger.go:66: should now work.
TestTerraformConfluentPlatformSinglenodeExample 2022-08-01T17:48:26Z logger.go:66:
TestTerraformConfluentPlatformSinglenodeExample 2022-08-01T17:48:26Z logger.go:66: If you ever set or change modules or backend configuration for Terraform,
TestTerraformConfluentPlatformSinglenodeExample 2022-08-01T17:48:26Z logger.go:66: rerun this command to reinitialize your working directory. If you forget, other
TestTerraformConfluentPlatformSinglenodeExample 2022-08-01T17:48:26Z logger.go:66: commands will detect it and remind you to do so if necessary.[0m
TestTerraformConfluentPlatformSinglenodeExample 2022-08-01T17:48:26Z retry.go:91: terraform [apply -input=false -auto-approve -no-color -lock=false]
TestTerraformConfluentPlatformSinglenodeExample 2022-08-01T17:48:26Z logger.go:66: Running command terraform with args [apply -input=false -auto-approve -no-color -lock=false]
TestTerraformConfluentPlatformSinglenodeExample 2022-08-01T17:48:33Z logger.go:66:
TestTerraformConfluentPlatformSinglenodeExample 2022-08-01T17:48:33Z logger.go:66: Terraform used the selected providers to generate the following execution
TestTerraformConfluentPlatformSinglenodeExample 2022-08-01T17:48:33Z logger.go:66: plan. Resource actions are indicated with the following symbols:
TestTerraformConfluentPlatformSinglenodeExample 2022-08-01T17:48:33Z logger.go:66:   + create
TestTerraformConfluentPlatformSinglenodeExample 2022-08-01T17:48:33Z logger.go:66:  <= read (data resources)
TestTerraformConfluentPlatformSinglenodeExample 2022-08-01T17:48:33Z logger.go:66:
TestTerraformConfluentPlatformSinglenodeExample 2022-08-01T17:48:33Z logger.go:66: Terraform will perform the following actions:
TestTerraformConfluentPlatformSinglenodeExample 2022-08-01T17:48:33Z logger.go:66:
TestTerraformConfluentPlatformSinglenodeExample 2022-08-01T17:48:33Z logger.go:66:   # module.confluent_platform_singlenode.data.kubernetes_resource.components["connect"] will be read during apply
TestTerraformConfluentPlatformSinglenodeExample 2022-08-01T17:48:33Z logger.go:66:   # (depends on a resource or a module with changes pending)
TestTerraformConfluentPlatformSinglenodeExample 2022-08-01T17:48:33Z logger.go:66:  <= data "kubernetes_resource" "components" {
TestTerraformConfluentPlatformSinglenodeExample 2022-08-01T17:48:33Z logger.go:66:       + api_version = "platform.confluent.io/v1beta1"
TestTerraformConfluentPlatformSinglenodeExample 2022-08-01T17:48:33Z logger.go:66:       + kind        = "Connect"
TestTerraformConfluentPlatformSinglenodeExample 2022-08-01T17:48:33Z logger.go:66:       + object      = (known after apply)
TestTerraformConfluentPlatformSinglenodeExample 2022-08-01T17:48:33Z logger.go:66:
TestTerraformConfluentPlatformSinglenodeExample 2022-08-01T17:48:33Z logger.go:66:       + metadata {
TestTerraformConfluentPlatformSinglenodeExample 2022-08-01T17:48:33Z logger.go:66:           + name      = "connect"
TestTerraformConfluentPlatformSinglenodeExample 2022-08-01T17:48:33Z logger.go:66:           + namespace = "confluent"
TestTerraformConfluentPlatformSinglenodeExample 2022-08-01T17:48:33Z logger.go:66:         }
TestTerraformConfluentPlatformSinglenodeExample 2022-08-01T17:48:33Z logger.go:66:     }
TestTerraformConfluentPlatformSinglenodeExample 2022-08-01T17:48:33Z logger.go:66:
TestTerraformConfluentPlatformSinglenodeExample 2022-08-01T17:48:33Z logger.go:66:   # module.confluent_platform_singlenode.data.kubernetes_resource.components["controlcenter"] will be read during apply
TestTerraformConfluentPlatformSinglenodeExample 2022-08-01T17:48:33Z logger.go:66:   # (depends on a resource or a module with changes pending)
TestTerraformConfluentPlatformSinglenodeExample 2022-08-01T17:48:33Z logger.go:66:  <= data "kubernetes_resource" "components" {
TestTerraformConfluentPlatformSinglenodeExample 2022-08-01T17:48:33Z logger.go:66:       + api_version = "platform.confluent.io/v1beta1"
TestTerraformConfluentPlatformSinglenodeExample 2022-08-01T17:48:33Z logger.go:66:       + kind        = "ControlCenter"
TestTerraformConfluentPlatformSinglenodeExample 2022-08-01T17:48:33Z logger.go:66:       + object      = (known after apply)
TestTerraformConfluentPlatformSinglenodeExample 2022-08-01T17:48:33Z logger.go:66:
TestTerraformConfluentPlatformSinglenodeExample 2022-08-01T17:48:33Z logger.go:66:       + metadata {
TestTerraformConfluentPlatformSinglenodeExample 2022-08-01T17:48:33Z logger.go:66:           + name      = "controlcenter"
TestTerraformConfluentPlatformSinglenodeExample 2022-08-01T17:48:33Z logger.go:66:           + namespace = "confluent"
TestTerraformConfluentPlatformSinglenodeExample 2022-08-01T17:48:33Z logger.go:66:         }
TestTerraformConfluentPlatformSinglenodeExample 2022-08-01T17:48:33Z logger.go:66:     }
TestTerraformConfluentPlatformSinglenodeExample 2022-08-01T17:48:33Z logger.go:66:
TestTerraformConfluentPlatformSinglenodeExample 2022-08-01T17:48:33Z logger.go:66:   # module.confluent_platform_singlenode.data.kubernetes_resource.components["kafka"] will be read during apply
TestTerraformConfluentPlatformSinglenodeExample 2022-08-01T17:48:33Z logger.go:66:   # (depends on a resource or a module with changes pending)
TestTerraformConfluentPlatformSinglenodeExample 2022-08-01T17:48:33Z logger.go:66:  <= data "kubernetes_resource" "components" {
TestTerraformConfluentPlatformSinglenodeExample 2022-08-01T17:48:33Z logger.go:66:       + api_version = "platform.confluent.io/v1beta1"
TestTerraformConfluentPlatformSinglenodeExample 2022-08-01T17:48:33Z logger.go:66:       + kind        = "Kafka"
TestTerraformConfluentPlatformSinglenodeExample 2022-08-01T17:48:33Z logger.go:66:       + object      = (known after apply)
TestTerraformConfluentPlatformSinglenodeExample 2022-08-01T17:48:33Z logger.go:66:
TestTerraformConfluentPlatformSinglenodeExample 2022-08-01T17:48:33Z logger.go:66:       + metadata {
TestTerraformConfluentPlatformSinglenodeExample 2022-08-01T17:48:33Z logger.go:66:           + name      = "kafka"
TestTerraformConfluentPlatformSinglenodeExample 2022-08-01T17:48:33Z logger.go:66:           + namespace = "confluent"
TestTerraformConfluentPlatformSinglenodeExample 2022-08-01T17:48:33Z logger.go:66:         }
TestTerraformConfluentPlatformSinglenodeExample 2022-08-01T17:48:33Z logger.go:66:     }
TestTerraformConfluentPlatformSinglenodeExample 2022-08-01T17:48:33Z logger.go:66:
TestTerraformConfluentPlatformSinglenodeExample 2022-08-01T17:48:33Z logger.go:66:   # module.confluent_platform_singlenode.data.kubernetes_resource.components["kafkarestproxy"] will be read during apply
TestTerraformConfluentPlatformSinglenodeExample 2022-08-01T17:48:33Z logger.go:66:   # (depends on a resource or a module with changes pending)
TestTerraformConfluentPlatformSinglenodeExample 2022-08-01T17:48:33Z logger.go:66:  <= data "kubernetes_resource" "components" {
TestTerraformConfluentPlatformSinglenodeExample 2022-08-01T17:48:33Z logger.go:66:       + api_version = "platform.confluent.io/v1beta1"
TestTerraformConfluentPlatformSinglenodeExample 2022-08-01T17:48:33Z logger.go:66:       + kind        = "KafkaRestProxy"
TestTerraformConfluentPlatformSinglenodeExample 2022-08-01T17:48:33Z logger.go:66:       + object      = (known after apply)
TestTerraformConfluentPlatformSinglenodeExample 2022-08-01T17:48:33Z logger.go:66:
TestTerraformConfluentPlatformSinglenodeExample 2022-08-01T17:48:33Z logger.go:66:       + metadata {
TestTerraformConfluentPlatformSinglenodeExample 2022-08-01T17:48:33Z logger.go:66:           + name      = "kafkarestproxy"
TestTerraformConfluentPlatformSinglenodeExample 2022-08-01T17:48:33Z logger.go:66:           + namespace = "confluent"
TestTerraformConfluentPlatformSinglenodeExample 2022-08-01T17:48:33Z logger.go:66:         }
TestTerraformConfluentPlatformSinglenodeExample 2022-08-01T17:48:33Z logger.go:66:     }
TestTerraformConfluentPlatformSinglenodeExample 2022-08-01T17:48:33Z logger.go:66:
TestTerraformConfluentPlatformSinglenodeExample 2022-08-01T17:48:33Z logger.go:66:   # module.confluent_platform_singlenode.data.kubernetes_resource.components["ksqldb"] will be read during apply
TestTerraformConfluentPlatformSinglenodeExample 2022-08-01T17:48:33Z logger.go:66:   # (depends on a resource or a module with changes pending)
TestTerraformConfluentPlatformSinglenodeExample 2022-08-01T17:48:33Z logger.go:66:  <= data "kubernetes_resource" "components" {
TestTerraformConfluentPlatformSinglenodeExample 2022-08-01T17:48:33Z logger.go:66:       + api_version = "platform.confluent.io/v1beta1"
TestTerraformConfluentPlatformSinglenodeExample 2022-08-01T17:48:33Z logger.go:66:       + kind        = "KsqlDB"
TestTerraformConfluentPlatformSinglenodeExample 2022-08-01T17:48:33Z logger.go:66:       + object      = (known after apply)
TestTerraformConfluentPlatformSinglenodeExample 2022-08-01T17:48:33Z logger.go:66:
TestTerraformConfluentPlatformSinglenodeExample 2022-08-01T17:48:33Z logger.go:66:       + metadata {
TestTerraformConfluentPlatformSinglenodeExample 2022-08-01T17:48:33Z logger.go:66:           + name      = "ksqldb"
TestTerraformConfluentPlatformSinglenodeExample 2022-08-01T17:48:33Z logger.go:66:           + namespace = "confluent"
TestTerraformConfluentPlatformSinglenodeExample 2022-08-01T17:48:33Z logger.go:66:         }
TestTerraformConfluentPlatformSinglenodeExample 2022-08-01T17:48:33Z logger.go:66:     }
TestTerraformConfluentPlatformSinglenodeExample 2022-08-01T17:48:33Z logger.go:66:
TestTerraformConfluentPlatformSinglenodeExample 2022-08-01T17:48:33Z logger.go:66:   # module.confluent_platform_singlenode.data.kubernetes_resource.components["schemaregistry"] will be read during apply
TestTerraformConfluentPlatformSinglenodeExample 2022-08-01T17:48:33Z logger.go:66:   # (depends on a resource or a module with changes pending)
TestTerraformConfluentPlatformSinglenodeExample 2022-08-01T17:48:33Z logger.go:66:  <= data "kubernetes_resource" "components" {
TestTerraformConfluentPlatformSinglenodeExample 2022-08-01T17:48:33Z logger.go:66:       + api_version = "platform.confluent.io/v1beta1"
TestTerraformConfluentPlatformSinglenodeExample 2022-08-01T17:48:33Z logger.go:66:       + kind        = "SchemaRegistry"
TestTerraformConfluentPlatformSinglenodeExample 2022-08-01T17:48:33Z logger.go:66:       + object      = (known after apply)
TestTerraformConfluentPlatformSinglenodeExample 2022-08-01T17:48:33Z logger.go:66:
TestTerraformConfluentPlatformSinglenodeExample 2022-08-01T17:48:33Z logger.go:66:       + metadata {
TestTerraformConfluentPlatformSinglenodeExample 2022-08-01T17:48:33Z logger.go:66:           + name      = "schemaregistry"
TestTerraformConfluentPlatformSinglenodeExample 2022-08-01T17:48:33Z logger.go:66:           + namespace = "confluent"
TestTerraformConfluentPlatformSinglenodeExample 2022-08-01T17:48:33Z logger.go:66:         }
TestTerraformConfluentPlatformSinglenodeExample 2022-08-01T17:48:33Z logger.go:66:     }
TestTerraformConfluentPlatformSinglenodeExample 2022-08-01T17:48:33Z logger.go:66:
TestTerraformConfluentPlatformSinglenodeExample 2022-08-01T17:48:33Z logger.go:66:   # module.confluent_platform_singlenode.data.kubernetes_resource.components["zookeeper"] will be read during apply
TestTerraformConfluentPlatformSinglenodeExample 2022-08-01T17:48:33Z logger.go:66:   # (depends on a resource or a module with changes pending)
TestTerraformConfluentPlatformSinglenodeExample 2022-08-01T17:48:33Z logger.go:66:  <= data "kubernetes_resource" "components" {
TestTerraformConfluentPlatformSinglenodeExample 2022-08-01T17:48:33Z logger.go:66:       + api_version = "platform.confluent.io/v1beta1"
TestTerraformConfluentPlatformSinglenodeExample 2022-08-01T17:48:33Z logger.go:66:       + kind        = "Zookeeper"
TestTerraformConfluentPlatformSinglenodeExample 2022-08-01T17:48:33Z logger.go:66:       + object      = (known after apply)
TestTerraformConfluentPlatformSinglenodeExample 2022-08-01T17:48:33Z logger.go:66:
TestTerraformConfluentPlatformSinglenodeExample 2022-08-01T17:48:33Z logger.go:66:       + metadata {
TestTerraformConfluentPlatformSinglenodeExample 2022-08-01T17:48:33Z logger.go:66:           + name      = "zookeeper"
TestTerraformConfluentPlatformSinglenodeExample 2022-08-01T17:48:33Z logger.go:66:           + namespace = "confluent"
TestTerraformConfluentPlatformSinglenodeExample 2022-08-01T17:48:33Z logger.go:66:         }
TestTerraformConfluentPlatformSinglenodeExample 2022-08-01T17:48:33Z logger.go:66:     }
TestTerraformConfluentPlatformSinglenodeExample 2022-08-01T17:48:33Z logger.go:66:
TestTerraformConfluentPlatformSinglenodeExample 2022-08-01T17:48:33Z logger.go:66:   # module.confluent_platform_singlenode.kubernetes_manifest.components["connect"] will be created
TestTerraformConfluentPlatformSinglenodeExample 2022-08-01T17:48:33Z logger.go:66:   + resource "kubernetes_manifest" "components" {
TestTerraformConfluentPlatformSinglenodeExample 2022-08-01T17:48:33Z logger.go:66:       + computed_fields = [
TestTerraformConfluentPlatformSinglenodeExample 2022-08-01T17:48:33Z logger.go:66:           + "metadata.finalizers",
TestTerraformConfluentPlatformSinglenodeExample 2022-08-01T17:48:33Z logger.go:66:         ]
TestTerraformConfluentPlatformSinglenodeExample 2022-08-01T17:48:33Z logger.go:66:       + manifest        = {
TestTerraformConfluentPlatformSinglenodeExample 2022-08-01T17:48:33Z logger.go:66:           + apiVersion = "platform.confluent.io/v1beta1"
TestTerraformConfluentPlatformSinglenodeExample 2022-08-01T17:48:33Z logger.go:66:           + kind       = "Connect"
TestTerraformConfluentPlatformSinglenodeExample 2022-08-01T17:48:33Z logger.go:66:           + metadata   = {
TestTerraformConfluentPlatformSinglenodeExample 2022-08-01T17:48:33Z logger.go:66:               + name      = "connect"
TestTerraformConfluentPlatformSinglenodeExample 2022-08-01T17:48:33Z logger.go:66:               + namespace = "confluent"
TestTerraformConfluentPlatformSinglenodeExample 2022-08-01T17:48:33Z logger.go:66:             }
TestTerraformConfluentPlatformSinglenodeExample 2022-08-01T17:48:33Z logger.go:66:           + spec       = {
TestTerraformConfluentPlatformSinglenodeExample 2022-08-01T17:48:33Z logger.go:66:               + configOverrides = {
TestTerraformConfluentPlatformSinglenodeExample 2022-08-01T17:48:33Z logger.go:66:                   + server = [
TestTerraformConfluentPlatformSinglenodeExample 2022-08-01T17:48:33Z logger.go:66:                       + "config.storage.replication.factor=1",
TestTerraformConfluentPlatformSinglenodeExample 2022-08-01T17:48:33Z logger.go:66:                       + "offset.storage.replication.factor=1",
TestTerraformConfluentPlatformSinglenodeExample 2022-08-01T17:48:33Z logger.go:66:                       + "status.storage.replication.factor=1",
TestTerraformConfluentPlatformSinglenodeExample 2022-08-01T17:48:33Z logger.go:66:                     ]
TestTerraformConfluentPlatformSinglenodeExample 2022-08-01T17:48:33Z logger.go:66:                 }
TestTerraformConfluentPlatformSinglenodeExample 2022-08-01T17:48:33Z logger.go:66:               + dependencies    = {
TestTerraformConfluentPlatformSinglenodeExample 2022-08-01T17:48:33Z logger.go:66:                   + kafka = {
TestTerraformConfluentPlatformSinglenodeExample 2022-08-01T17:48:33Z logger.go:66:                       + bootstrapEndpoint = "kafka:9071"
TestTerraformConfluentPlatformSinglenodeExample 2022-08-01T17:48:33Z logger.go:66:                     }
TestTerraformConfluentPlatformSinglenodeExample 2022-08-01T17:48:33Z logger.go:66:                 }
TestTerraformConfluentPlatformSinglenodeExample 2022-08-01T17:48:33Z logger.go:66:               + image           = {
TestTerraformConfluentPlatformSinglenodeExample 2022-08-01T17:48:33Z logger.go:66:                   + application = "confluentinc/cp-server-connect:7.2.0"
TestTerraformConfluentPlatformSinglenodeExample 2022-08-01T17:48:33Z logger.go:66:                   + init        = "confluentinc/confluent-init-container:2.4.0"
TestTerraformConfluentPlatformSinglenodeExample 2022-08-01T17:48:33Z logger.go:66:                 }
TestTerraformConfluentPlatformSinglenodeExample 2022-08-01T17:48:33Z logger.go:66:               + podTemplate     = {
TestTerraformConfluentPlatformSinglenodeExample 2022-08-01T17:48:33Z logger.go:66:                   + podSecurityContext = {
TestTerraformConfluentPlatformSinglenodeExample 2022-08-01T17:48:33Z logger.go:66:                       + fsGroup      = 1000
TestTerraformConfluentPlatformSinglenodeExample 2022-08-01T17:48:33Z logger.go:66:                       + runAsNonRoot = true
TestTerraformConfluentPlatformSinglenodeExample 2022-08-01T17:48:33Z logger.go:66:                       + runAsUser    = 1000
TestTerraformConfluentPlatformSinglenodeExample 2022-08-01T17:48:33Z logger.go:66:                     }
TestTerraformConfluentPlatformSinglenodeExample 2022-08-01T17:48:33Z logger.go:66:                   + probe              = {
TestTerraformConfluentPlatformSinglenodeExample 2022-08-01T17:48:33Z logger.go:66:                       + liveness = {
TestTerraformConfluentPlatformSinglenodeExample 2022-08-01T17:48:33Z logger.go:66:                           + failureThreshold = 5
TestTerraformConfluentPlatformSinglenodeExample 2022-08-01T17:48:33Z logger.go:66:                           + periodSeconds    = 10
TestTerraformConfluentPlatformSinglenodeExample 2022-08-01T17:48:33Z logger.go:66:                           + timeoutSeconds   = 500
TestTerraformConfluentPlatformSinglenodeExample 2022-08-01T17:48:33Z logger.go:66:                         }
TestTerraformConfluentPlatformSinglenodeExample 2022-08-01T17:48:33Z logger.go:66:                     }
TestTerraformConfluentPlatformSinglenodeExample 2022-08-01T17:48:33Z logger.go:66:                   + resources          = {
TestTerraformConfluentPlatformSinglenodeExample 2022-08-01T17:48:33Z logger.go:66:                       + requests = {
TestTerraformConfluentPlatformSinglenodeExample 2022-08-01T17:48:33Z logger.go:66:                           + cpu    = "100m"
TestTerraformConfluentPlatformSinglenodeExample 2022-08-01T17:48:33Z logger.go:66:                           + memory = "256Mi"
TestTerraformConfluentPlatformSinglenodeExample 2022-08-01T17:48:33Z logger.go:66:                         }
TestTerraformConfluentPlatformSinglenodeExample 2022-08-01T17:48:33Z logger.go:66:                     }
TestTerraformConfluentPlatformSinglenodeExample 2022-08-01T17:48:33Z logger.go:66:                 }
TestTerraformConfluentPlatformSinglenodeExample 2022-08-01T17:48:33Z logger.go:66:               + replicas        = 1
TestTerraformConfluentPlatformSinglenodeExample 2022-08-01T17:48:33Z logger.go:66:             }
TestTerraformConfluentPlatformSinglenodeExample 2022-08-01T17:48:33Z logger.go:66:         }
TestTerraformConfluentPlatformSinglenodeExample 2022-08-01T17:48:33Z logger.go:66:       + object          = {
TestTerraformConfluentPlatformSinglenodeExample 2022-08-01T17:48:33Z logger.go:66:           + apiVersion = "platform.confluent.io/v1beta1"
TestTerraformConfluentPlatformSinglenodeExample 2022-08-01T17:48:33Z logger.go:66:           + kind       = "Connect"
TestTerraformConfluentPlatformSinglenodeExample 2022-08-01T17:48:33Z logger.go:66:           + metadata   = {
TestTerraformConfluentPlatformSinglenodeExample 2022-08-01T17:48:33Z logger.go:66:               + annotations                = (known after apply)
TestTerraformConfluentPlatformSinglenodeExample 2022-08-01T17:48:33Z logger.go:66:               + clusterName                = (known after apply)
TestTerraformConfluentPlatformSinglenodeExample 2022-08-01T17:48:33Z logger.go:66:               + creationTimestamp          = (known after apply)
TestTerraformConfluentPlatformSinglenodeExample 2022-08-01T17:48:33Z logger.go:66:               + deletionGracePeriodSeconds = (known after apply)
TestTerraformConfluentPlatformSinglenodeExample 2022-08-01T17:48:33Z logger.go:66:               + deletionTimestamp          = (known after apply)
TestTerraformConfluentPlatformSinglenodeExample 2022-08-01T17:48:33Z logger.go:66:               + finalizers                 = (known after apply)
TestTerraformConfluentPlatformSinglenodeExample 2022-08-01T17:48:33Z logger.go:66:               + generateName               = (known after apply)
TestTerraformConfluentPlatformSinglenodeExample 2022-08-01T17:48:33Z logger.go:66:               + generation                 = (known after apply)
TestTerraformConfluentPlatformSinglenodeExample 2022-08-01T17:48:33Z logger.go:66:               + labels                     = (known after apply)
TestTerraformConfluentPlatformSinglenodeExample 2022-08-01T17:48:33Z logger.go:66:               + managedFields              = (known after apply)
TestTerraformConfluentPlatformSinglenodeExample 2022-08-01T17:48:33Z logger.go:66:               + name                       = "connect"
TestTerraformConfluentPlatformSinglenodeExample 2022-08-01T17:48:33Z logger.go:66:               + namespace                  = "confluent"
TestTerraformConfluentPlatformSinglenodeExample 2022-08-01T17:48:33Z logger.go:66:               + ownerReferences            = (known after apply)
TestTerraformConfluentPlatformSinglenodeExample 2022-08-01T17:48:33Z logger.go:66:               + resourceVersion            = (known after apply)
TestTerraformConfluentPlatformSinglenodeExample 2022-08-01T17:48:33Z logger.go:66:               + selfLink                   = (known after apply)
TestTerraformConfluentPlatformSinglenodeExample 2022-08-01T17:48:33Z logger.go:66:               + uid                        = (known after apply)
TestTerraformConfluentPlatformSinglenodeExample 2022-08-01T17:48:33Z logger.go:66:             }
TestTerraformConfluentPlatformSinglenodeExample 2022-08-01T17:48:33Z logger.go:66:           + spec       = {
TestTerraformConfluentPlatformSinglenodeExample 2022-08-01T17:48:33Z logger.go:66:               + authentication                 = {
TestTerraformConfluentPlatformSinglenodeExample 2022-08-01T17:48:33Z logger.go:66:                   + basic = {
TestTerraformConfluentPlatformSinglenodeExample 2022-08-01T17:48:33Z logger.go:66:                       + debug                    = (known after apply)
TestTerraformConfluentPlatformSinglenodeExample 2022-08-01T17:48:33Z logger.go:66:                       + directoryPathInContainer = (known after apply)
TestTerraformConfluentPlatformSinglenodeExample 2022-08-01T17:48:33Z logger.go:66:                       + restrictedRoles          = (known after apply)
TestTerraformConfluentPlatformSinglenodeExample 2022-08-01T17:48:33Z logger.go:66:                       + roles                    = (known after apply)
TestTerraformConfluentPlatformSinglenodeExample 2022-08-01T17:48:33Z logger.go:66:                       + secretRef                = (known after apply)
TestTerraformConfluentPlatformSinglenodeExample 2022-08-01T17:48:33Z logger.go:66:                     }
TestTerraformConfluentPlatformSinglenodeExample 2022-08-01T17:48:33Z logger.go:66:                   + type  = (known after apply)
TestTerraformConfluentPlatformSinglenodeExample 2022-08-01T17:48:33Z logger.go:66:                 }
TestTerraformConfluentPlatformSinglenodeExample 2022-08-01T17:48:33Z logger.go:66:               + authorization                  = {
TestTerraformConfluentPlatformSinglenodeExample 2022-08-01T17:48:33Z logger.go:66:                   + kafkaRestClassRef = {
TestTerraformConfluentPlatformSinglenodeExample 2022-08-01T17:48:33Z logger.go:66:                       + name      = (known after apply)
TestTerraformConfluentPlatformSinglenodeExample 2022-08-01T17:48:33Z logger.go:66:                       + namespace = (known after apply)
TestTerraformConfluentPlatformSinglenodeExample 2022-08-01T17:48:33Z logger.go:66:                     }
TestTerraformConfluentPlatformSinglenodeExample 2022-08-01T17:48:33Z logger.go:66:                   + type              = (known after apply)
TestTerraformConfluentPlatformSinglenodeExample 2022-08-01T17:48:33Z logger.go:66:                 }
TestTerraformConfluentPlatformSinglenodeExample 2022-08-01T17:48:33Z logger.go:66:               + build                          = {
TestTerraformConfluentPlatformSinglenodeExample 2022-08-01T17:48:33Z logger.go:66:                   + onDemand = {
TestTerraformConfluentPlatformSinglenodeExample 2022-08-01T17:48:33Z logger.go:66:                       + plugins      = {
TestTerraformConfluentPlatformSinglenodeExample 2022-08-01T17:48:33Z logger.go:66:                           + confluentHub = (known after apply)
TestTerraformConfluentPlatformSinglenodeExample 2022-08-01T17:48:33Z logger.go:66:                           + locationType = (known after apply)
TestTerraformConfluentPlatformSinglenodeExample 2022-08-01T17:48:33Z logger.go:66:                           + url          = (known after apply)
TestTerraformConfluentPlatformSinglenodeExample 2022-08-01T17:48:33Z logger.go:66:                         }
TestTerraformConfluentPlatformSinglenodeExample 2022-08-01T17:48:33Z logger.go:66:                       + storageLimit = (known after apply)
TestTerraformConfluentPlatformSinglenodeExample 2022-08-01T17:48:33Z logger.go:66:                     }
TestTerraformConfluentPlatformSinglenodeExample 2022-08-01T17:48:33Z logger.go:66:                   + type     = (known after apply)
TestTerraformConfluentPlatformSinglenodeExample 2022-08-01T17:48:33Z logger.go:66:                 }
TestTerraformConfluentPlatformSinglenodeExample 2022-08-01T17:48:33Z logger.go:66:               + configOverrides                = {
TestTerraformConfluentPlatformSinglenodeExample 2022-08-01T17:48:33Z logger.go:66:                   + jvm    = (known after apply)
TestTerraformConfluentPlatformSinglenodeExample 2022-08-01T17:48:33Z logger.go:66:                   + log4j  = (known after apply)
TestTerraformConfluentPlatformSinglenodeExample 2022-08-01T17:48:33Z logger.go:66:                   + server = [
TestTerraformConfluentPlatformSinglenodeExample 2022-08-01T17:48:33Z logger.go:66:                       + "config.storage.replication.factor=1",
TestTerraformConfluentPlatformSinglenodeExample 2022-08-01T17:48:33Z logger.go:66:                       + "offset.storage.replication.factor=1",
TestTerraformConfluentPlatformSinglenodeExample 2022-08-01T17:48:33Z logger.go:66:                       + "status.storage.replication.factor=1",
TestTerraformConfluentPlatformSinglenodeExample 2022-08-01T17:48:33Z logger.go:66:                     ]
TestTerraformConfluentPlatformSinglenodeExample 2022-08-01T17:48:33Z logger.go:66:                 }
TestTerraformConfluentPlatformSinglenodeExample 2022-08-01T17:48:33Z logger.go:66:               + connectorOverridePolicy        = (known after apply)
TestTerraformConfluentPlatformSinglenodeExample 2022-08-01T17:48:33Z logger.go:66:               + connectorTLSCerts              = (known after apply)
TestTerraformConfluentPlatformSinglenodeExample 2022-08-01T17:48:33Z logger.go:66:               + dependencies                   = {
TestTerraformConfluentPlatformSinglenodeExample 2022-08-01T17:48:33Z logger.go:66:                   + admin          = {
TestTerraformConfluentPlatformSinglenodeExample 2022-08-01T17:48:33Z logger.go:66:                       + authentication    = {
TestTerraformConfluentPlatformSinglenodeExample 2022-08-01T17:48:33Z logger.go:66:                           + jaasConfig            = {
TestTerraformConfluentPlatformSinglenodeExample 2022-08-01T17:48:33Z logger.go:66:                               + secretRef = (known after apply)
TestTerraformConfluentPlatformSinglenodeExample 2022-08-01T17:48:33Z logger.go:66:                             }
TestTerraformConfluentPlatformSinglenodeExample 2022-08-01T17:48:33Z logger.go:66:                           + jaasConfigPassThrough = {
TestTerraformConfluentPlatformSinglenodeExample 2022-08-01T17:48:33Z logger.go:66:                               + directoryPathInContainer = (known after apply)
TestTerraformConfluentPlatformSinglenodeExample 2022-08-01T17:48:33Z logger.go:66:                               + secretRef                = (known after apply)
TestTerraformConfluentPlatformSinglenodeExample 2022-08-01T17:48:33Z logger.go:66:                             }
TestTerraformConfluentPlatformSinglenodeExample 2022-08-01T17:48:33Z logger.go:66:                           + oauthbearer           = {
TestTerraformConfluentPlatformSinglenodeExample 2022-08-01T17:48:33Z logger.go:66:                               + directoryPathInContainer = (known after apply)
TestTerraformConfluentPlatformSinglenodeExample 2022-08-01T17:48:33Z logger.go:66:                               + secretRef                = (known after apply)
TestTerraformConfluentPlatformSinglenodeExample 2022-08-01T17:48:33Z logger.go:66:                             }
TestTerraformConfluentPlatformSinglenodeExample 2022-08-01T17:48:33Z logger.go:66:                           + type                  = (known after apply)
TestTerraformConfluentPlatformSinglenodeExample 2022-08-01T17:48:33Z logger.go:66:                         }
TestTerraformConfluentPlatformSinglenodeExample 2022-08-01T17:48:33Z logger.go:66:                       + bootstrapEndpoint = (known after apply)
TestTerraformConfluentPlatformSinglenodeExample 2022-08-01T17:48:33Z logger.go:66:                       + discovery         = {
TestTerraformConfluentPlatformSinglenodeExample 2022-08-01T17:48:33Z logger.go:66:                           + name      = (known after apply)
TestTerraformConfluentPlatformSinglenodeExample 2022-08-01T17:48:33Z logger.go:66:                           + namespace = (known after apply)
TestTerraformConfluentPlatformSinglenodeExample 2022-08-01T17:48:33Z logger.go:66:                           + secretRef = (known after apply)
TestTerraformConfluentPlatformSinglenodeExample 2022-08-01T17:48:33Z logger.go:66:                         }
TestTerraformConfluentPlatformSinglenodeExample 2022-08-01T17:48:33Z logger.go:66:                       + tls               = {
TestTerraformConfluentPlatformSinglenodeExample 2022-08-01T17:48:33Z logger.go:66:                           + directoryPathInContainer = (known after apply)
TestTerraformConfluentPlatformSinglenodeExample 2022-08-01T17:48:33Z logger.go:66:                           + enabled                  = (known after apply)
TestTerraformConfluentPlatformSinglenodeExample 2022-08-01T17:48:33Z logger.go:66:                           + ignoreTrustStoreConfig   = (known after apply)
TestTerraformConfluentPlatformSinglenodeExample 2022-08-01T17:48:33Z logger.go:66:                           + jksPassword              = {
TestTerraformConfluentPlatformSinglenodeExample 2022-08-01T17:48:33Z logger.go:66:                               + secretRef = (known after apply)
TestTerraformConfluentPlatformSinglenodeExample 2022-08-01T17:48:33Z logger.go:66:                             }
TestTerraformConfluentPlatformSinglenodeExample 2022-08-01T17:48:33Z logger.go:66:                           + secretRef                = (known after apply)
TestTerraformConfluentPlatformSinglenodeExample 2022-08-01T17:48:33Z logger.go:66:                         }
TestTerraformConfluentPlatformSinglenodeExample 2022-08-01T17:48:33Z logger.go:66:                     }
TestTerraformConfluentPlatformSinglenodeExample 2022-08-01T17:48:33Z logger.go:66:                   + consumer       = {
TestTerraformConfluentPlatformSinglenodeExample 2022-08-01T17:48:33Z logger.go:66:                       + authentication    = {
TestTerraformConfluentPlatformSinglenodeExample 2022-08-01T17:48:33Z logger.go:66:                           + jaasConfig            = {
TestTerraformConfluentPlatformSinglenodeExample 2022-08-01T17:48:33Z logger.go:66:                               + secretRef = (known after apply)
TestTerraformConfluentPlatformSinglenodeExample 2022-08-01T17:48:33Z logger.go:66:                             }
TestTerraformConfluentPlatformSinglenodeExample 2022-08-01T17:48:33Z logger.go:66:                           + jaasConfigPassThrough = {
TestTerraformConfluentPlatformSinglenodeExample 2022-08-01T17:48:33Z logger.go:66:                               + directoryPathInContainer = (known after apply)
TestTerraformConfluentPlatformSinglenodeExample 2022-08-01T17:48:33Z logger.go:66:                               + secretRef                = (known after apply)
TestTerraformConfluentPlatformSinglenodeExample 2022-08-01T17:48:33Z logger.go:66:                             }
TestTerraformConfluentPlatformSinglenodeExample 2022-08-01T17:48:33Z logger.go:66:                           + oauthbearer           = {
TestTerraformConfluentPlatformSinglenodeExample 2022-08-01T17:48:33Z logger.go:66:                               + directoryPathInContainer = (known after apply)
TestTerraformConfluentPlatformSinglenodeExample 2022-08-01T17:48:33Z logger.go:66:                               + secretRef                = (known after apply)
TestTerraformConfluentPlatformSinglenodeExample 2022-08-01T17:48:33Z logger.go:66:                             }
TestTerraformConfluentPlatformSinglenodeExample 2022-08-01T17:48:33Z logger.go:66:                           + type                  = (known after apply)
TestTerraformConfluentPlatformSinglenodeExample 2022-08-01T17:48:33Z logger.go:66:                         }
TestTerraformConfluentPlatformSinglenodeExample 2022-08-01T17:48:33Z logger.go:66:                       + bootstrapEndpoint = (known after apply)
TestTerraformConfluentPlatformSinglenodeExample 2022-08-01T17:48:33Z logger.go:66:                       + discovery         = {
TestTerraformConfluentPlatformSinglenodeExample 2022-08-01T17:48:33Z logger.go:66:                           + name      = (known after apply)
TestTerraformConfluentPlatformSinglenodeExample 2022-08-01T17:48:33Z logger.go:66:                           + namespace = (known after apply)
TestTerraformConfluentPlatformSinglenodeExample 2022-08-01T17:48:33Z logger.go:66:                           + secretRef = (known after apply)
TestTerraformConfluentPlatformSinglenodeExample 2022-08-01T17:48:33Z logger.go:66:                         }
TestTerraformConfluentPlatformSinglenodeExample 2022-08-01T17:48:33Z logger.go:66:                       + tls               = {
TestTerraformConfluentPlatformSinglenodeExample 2022-08-01T17:48:33Z logger.go:66:                           + directoryPathInContainer = (known after apply)
TestTerraformConfluentPlatformSinglenodeExample 2022-08-01T17:48:33Z logger.go:66:                           + enabled                  = (known after apply)
TestTerraformConfluentPlatformSinglenodeExample 2022-08-01T17:48:33Z logger.go:66:                           + ignoreTrustStoreConfig   = (known after apply)
TestTerraformConfluentPlatformSinglenodeExample 2022-08-01T17:48:33Z logger.go:66:                           + jksPassword              = {
TestTerraformConfluentPlatformSinglenodeExample 2022-08-01T17:48:33Z logger.go:66:                               + secretRef = (known after apply)
TestTerraformConfluentPlatformSinglenodeExample 2022-08-01T17:48:33Z logger.go:66:                             }
TestTerraformConfluentPlatformSinglenodeExample 2022-08-01T17:48:33Z logger.go:66:                           + secretRef                = (known after apply)
TestTerraformConfluentPlatformSinglenodeExample 2022-08-01T17:48:33Z logger.go:66:                         }
TestTerraformConfluentPlatformSinglenodeExample 2022-08-01T17:48:33Z logger.go:66:                     }
TestTerraformConfluentPlatformSinglenodeExample 2022-08-01T17:48:33Z logger.go:66:                   + interceptor    = {
TestTerraformConfluentPlatformSinglenodeExample 2022-08-01T17:48:33Z logger.go:66:                       + configs   = (known after apply)
TestTerraformConfluentPlatformSinglenodeExample 2022-08-01T17:48:33Z logger.go:66:                       + consumer  = {
TestTerraformConfluentPlatformSinglenodeExample 2022-08-01T17:48:33Z logger.go:66:                           + authentication    = {
TestTerraformConfluentPlatformSinglenodeExample 2022-08-01T17:48:33Z logger.go:66:                               + jaasConfig            = {
TestTerraformConfluentPlatformSinglenodeExample 2022-08-01T17:48:33Z logger.go:66:                                   + secretRef = (known after apply)
TestTerraformConfluentPlatformSinglenodeExample 2022-08-01T17:48:33Z logger.go:66:                                 }
TestTerraformConfluentPlatformSinglenodeExample 2022-08-01T17:48:33Z logger.go:66:                               + jaasConfigPassThrough = {
TestTerraformConfluentPlatformSinglenodeExample 2022-08-01T17:48:33Z logger.go:66:                                   + directoryPathInContainer = (known after apply)
TestTerraformConfluentPlatformSinglenodeExample 2022-08-01T17:48:33Z logger.go:66:                                   + secretRef                = (known after apply)
TestTerraformConfluentPlatformSinglenodeExample 2022-08-01T17:48:33Z logger.go:66:                                 }
TestTerraformConfluentPlatformSinglenodeExample 2022-08-01T17:48:33Z logger.go:66:                               + oauthbearer           = {
TestTerraformConfluentPlatformSinglenodeExample 2022-08-01T17:48:33Z logger.go:66:                                   + directoryPathInContainer = (known after apply)
TestTerraformConfluentPlatformSinglenodeExample 2022-08-01T17:48:33Z logger.go:66:                                   + secretRef                = (known after apply)
TestTerraformConfluentPlatformSinglenodeExample 2022-08-01T17:48:33Z logger.go:66:                                 }
TestTerraformConfluentPlatformSinglenodeExample 2022-08-01T17:48:33Z logger.go:66:                               + type                  = (known after apply)
TestTerraformConfluentPlatformSinglenodeExample 2022-08-01T17:48:33Z logger.go:66:                             }
TestTerraformConfluentPlatformSinglenodeExample 2022-08-01T17:48:33Z logger.go:66:                           + bootstrapEndpoint = (known after apply)
TestTerraformConfluentPlatformSinglenodeExample 2022-08-01T17:48:33Z logger.go:66:                           + discovery         = {
TestTerraformConfluentPlatformSinglenodeExample 2022-08-01T17:48:33Z logger.go:66:                               + name      = (known after apply)
TestTerraformConfluentPlatformSinglenodeExample 2022-08-01T17:48:33Z logger.go:66:                               + namespace = (known after apply)
TestTerraformConfluentPlatformSinglenodeExample 2022-08-01T17:48:33Z logger.go:66:                               + secretRef = (known after apply)
TestTerraformConfluentPlatformSinglenodeExample 2022-08-01T17:48:33Z logger.go:66:                             }
TestTerraformConfluentPlatformSinglenodeExample 2022-08-01T17:48:33Z logger.go:66:                           + tls               = {
TestTerraformConfluentPlatformSinglenodeExample 2022-08-01T17:48:33Z logger.go:66:                               + directoryPathInContainer = (known after apply)
TestTerraformConfluentPlatformSinglenodeExample 2022-08-01T17:48:33Z logger.go:66:                               + enabled                  = (known after apply)
TestTerraformConfluentPlatformSinglenodeExample 2022-08-01T17:48:33Z logger.go:66:                               + ignoreTrustStoreConfig   = (known after apply)
TestTerraformConfluentPlatformSinglenodeExample 2022-08-01T17:48:33Z logger.go:66:                               + jksPassword              = {
TestTerraformConfluentPlatformSinglenodeExample 2022-08-01T17:48:33Z logger.go:66:                                   + secretRef = (known after apply)
TestTerraformConfluentPlatformSinglenodeExample 2022-08-01T17:48:33Z logger.go:66:                                 }
TestTerraformConfluentPlatformSinglenodeExample 2022-08-01T17:48:33Z logger.go:66:                               + secretRef                = (known after apply)
TestTerraformConfluentPlatformSinglenodeExample 2022-08-01T17:48:33Z logger.go:66:                             }
TestTerraformConfluentPlatformSinglenodeExample 2022-08-01T17:48:33Z logger.go:66:                         }
TestTerraformConfluentPlatformSinglenodeExample 2022-08-01T17:48:33Z logger.go:66:                       + enabled   = (known after apply)
TestTerraformConfluentPlatformSinglenodeExample 2022-08-01T17:48:33Z logger.go:66:                       + producer  = {
TestTerraformConfluentPlatformSinglenodeExample 2022-08-01T17:48:33Z logger.go:66:                           + authentication    = {
TestTerraformConfluentPlatformSinglenodeExample 2022-08-01T17:48:33Z logger.go:66:                               + jaasConfig            = {
TestTerraformConfluentPlatformSinglenodeExample 2022-08-01T17:48:33Z logger.go:66:                                   + secretRef = (known after apply)
TestTerraformConfluentPlatformSinglenodeExample 2022-08-01T17:48:33Z logger.go:66:                                 }
TestTerraformConfluentPlatformSinglenodeExample 2022-08-01T17:48:33Z logger.go:66:                               + jaasConfigPassThrough = {
TestTerraformConfluentPlatformSinglenodeExample 2022-08-01T17:48:33Z logger.go:66:                                   + directoryPathInContainer = (known after apply)
TestTerraformConfluentPlatformSinglenodeExample 2022-08-01T17:48:33Z logger.go:66:                                   + secretRef                = (known after apply)
TestTerraformConfluentPlatformSinglenodeExample 2022-08-01T17:48:33Z logger.go:66:                                 }
TestTerraformConfluentPlatformSinglenodeExample 2022-08-01T17:48:33Z logger.go:66:                               + oauthbearer           = {
TestTerraformConfluentPlatformSinglenodeExample 2022-08-01T17:48:33Z logger.go:66:                                   + directoryPathInContainer = (known after apply)
TestTerraformConfluentPlatformSinglenodeExample 2022-08-01T17:48:33Z logger.go:66:                                   + secretRef                = (known after apply)
TestTerraformConfluentPlatformSinglenodeExample 2022-08-01T17:48:33Z logger.go:66:                                 }
TestTerraformConfluentPlatformSinglenodeExample 2022-08-01T17:48:33Z logger.go:66:                               + type                  = (known after apply)
TestTerraformConfluentPlatformSinglenodeExample 2022-08-01T17:48:33Z logger.go:66:                             }
TestTerraformConfluentPlatformSinglenodeExample 2022-08-01T17:48:33Z logger.go:66:                           + bootstrapEndpoint = (known after apply)
TestTerraformConfluentPlatformSinglenodeExample 2022-08-01T17:48:33Z logger.go:66:                           + discovery         = {
TestTerraformConfluentPlatformSinglenodeExample 2022-08-01T17:48:33Z logger.go:66:                               + name      = (known after apply)
TestTerraformConfluentPlatformSinglenodeExample 2022-08-01T17:48:33Z logger.go:66:                               + namespace = (known after apply)
TestTerraformConfluentPlatformSinglenodeExample 2022-08-01T17:48:33Z logger.go:66:                               + secretRef = (known after apply)
TestTerraformConfluentPlatformSinglenodeExample 2022-08-01T17:48:33Z logger.go:66:                             }
TestTerraformConfluentPlatformSinglenodeExample 2022-08-01T17:48:33Z logger.go:66:                           + tls               = {
TestTerraformConfluentPlatformSinglenodeExample 2022-08-01T17:48:33Z logger.go:66:                               + directoryPathInContainer = (known after apply)
TestTerraformConfluentPlatformSinglenodeExample 2022-08-01T17:48:33Z logger.go:66:                               + enabled                  = (known after apply)
TestTerraformConfluentPlatformSinglenodeExample 2022-08-01T17:48:33Z logger.go:66:                               + ignoreTrustStoreConfig   = (known after apply)
TestTerraformConfluentPlatformSinglenodeExample 2022-08-01T17:48:33Z logger.go:66:                               + jksPassword              = {
TestTerraformConfluentPlatformSinglenodeExample 2022-08-01T17:48:33Z logger.go:66:                                   + secretRef = (known after apply)
TestTerraformConfluentPlatformSinglenodeExample 2022-08-01T17:48:33Z logger.go:66:                                 }
TestTerraformConfluentPlatformSinglenodeExample 2022-08-01T17:48:33Z logger.go:66:                               + secretRef                = (known after apply)
TestTerraformConfluentPlatformSinglenodeExample 2022-08-01T17:48:33Z logger.go:66:                             }
TestTerraformConfluentPlatformSinglenodeExample 2022-08-01T17:48:33Z logger.go:66:                         }
TestTerraformConfluentPlatformSinglenodeExample 2022-08-01T17:48:33Z logger.go:66:                       + publishMs = (known after apply)
TestTerraformConfluentPlatformSinglenodeExample 2022-08-01T17:48:33Z logger.go:66:                     }
TestTerraformConfluentPlatformSinglenodeExample 2022-08-01T17:48:33Z logger.go:66:                   + kafka          = {
TestTerraformConfluentPlatformSinglenodeExample 2022-08-01T17:48:33Z logger.go:66:                       + authentication    = {
TestTerraformConfluentPlatformSinglenodeExample 2022-08-01T17:48:33Z logger.go:66:                           + jaasConfig            = {
TestTerraformConfluentPlatformSinglenodeExample 2022-08-01T17:48:33Z logger.go:66:                               + secretRef = (known after apply)
TestTerraformConfluentPlatformSinglenodeExample 2022-08-01T17:48:33Z logger.go:66:                             }
TestTerraformConfluentPlatformSinglenodeExample 2022-08-01T17:48:33Z logger.go:66:                           + jaasConfigPassThrough = {
TestTerraformConfluentPlatformSinglenodeExample 2022-08-01T17:48:33Z logger.go:66:                               + directoryPathInContainer = (known after apply)
TestTerraformConfluentPlatformSinglenodeExample 2022-08-01T17:48:33Z logger.go:66:                               + secretRef                = (known after apply)
TestTerraformConfluentPlatformSinglenodeExample 2022-08-01T17:48:33Z logger.go:66:                             }
TestTerraformConfluentPlatformSinglenodeExample 2022-08-01T17:48:33Z logger.go:66:                           + oauthbearer           = {
TestTerraformConfluentPlatformSinglenodeExample 2022-08-01T17:48:33Z logger.go:66:                               + directoryPathInContainer = (known after apply)
TestTerraformConfluentPlatformSinglenodeExample 2022-08-01T17:48:33Z logger.go:66:                               + secretRef                = (known after apply)
TestTerraformConfluentPlatformSinglenodeExample 2022-08-01T17:48:33Z logger.go:66:                             }
TestTerraformConfluentPlatformSinglenodeExample 2022-08-01T17:48:33Z logger.go:66:                           + type                  = (known after apply)
TestTerraformConfluentPlatformSinglenodeExample 2022-08-01T17:48:33Z logger.go:66:                         }
TestTerraformConfluentPlatformSinglenodeExample 2022-08-01T17:48:33Z logger.go:66:                       + bootstrapEndpoint = "kafka:9071"
TestTerraformConfluentPlatformSinglenodeExample 2022-08-01T17:48:33Z logger.go:66:                       + discovery         = {
TestTerraformConfluentPlatformSinglenodeExample 2022-08-01T17:48:33Z logger.go:66:                           + name      = (known after apply)
TestTerraformConfluentPlatformSinglenodeExample 2022-08-01T17:48:33Z logger.go:66:                           + namespace = (known after apply)
TestTerraformConfluentPlatformSinglenodeExample 2022-08-01T17:48:33Z logger.go:66:                           + secretRef = (known after apply)
TestTerraformConfluentPlatformSinglenodeExample 2022-08-01T17:48:33Z logger.go:66:                         }
TestTerraformConfluentPlatformSinglenodeExample 2022-08-01T17:48:33Z logger.go:66:                       + tls               = {
TestTerraformConfluentPlatformSinglenodeExample 2022-08-01T17:48:33Z logger.go:66:                           + directoryPathInContainer = (known after apply)
TestTerraformConfluentPlatformSinglenodeExample 2022-08-01T17:48:33Z logger.go:66:                           + enabled                  = (known after apply)
TestTerraformConfluentPlatformSinglenodeExample 2022-08-01T17:48:33Z logger.go:66:                           + ignoreTrustStoreConfig   = (known after apply)
TestTerraformConfluentPlatformSinglenodeExample 2022-08-01T17:48:33Z logger.go:66:                           + jksPassword              = {
TestTerraformConfluentPlatformSinglenodeExample 2022-08-01T17:48:33Z logger.go:66:                               + secretRef = (known after apply)
TestTerraformConfluentPlatformSinglenodeExample 2022-08-01T17:48:33Z logger.go:66:                             }
TestTerraformConfluentPlatformSinglenodeExample 2022-08-01T17:48:33Z logger.go:66:                           + secretRef                = (known after apply)
TestTerraformConfluentPlatformSinglenodeExample 2022-08-01T17:48:33Z logger.go:66:                         }
TestTerraformConfluentPlatformSinglenodeExample 2022-08-01T17:48:33Z logger.go:66:                     }
TestTerraformConfluentPlatformSinglenodeExample 2022-08-01T17:48:33Z logger.go:66:                   + mds            = {
TestTerraformConfluentPlatformSinglenodeExample 2022-08-01T17:48:33Z logger.go:66:                       + authentication = {
TestTerraformConfluentPlatformSinglenodeExample 2022-08-01T17:48:33Z logger.go:66:                           + bearer = {
TestTerraformConfluentPlatformSinglenodeExample 2022-08-01T17:48:33Z logger.go:66:                               + directoryPathInContainer = (known after apply)
TestTerraformConfluentPlatformSinglenodeExample 2022-08-01T17:48:33Z logger.go:66:                               + secretRef                = (known after apply)
TestTerraformConfluentPlatformSinglenodeExample 2022-08-01T17:48:33Z logger.go:66:                             }
TestTerraformConfluentPlatformSinglenodeExample 2022-08-01T17:48:33Z logger.go:66:                           + type   = (known after apply)
TestTerraformConfluentPlatformSinglenodeExample 2022-08-01T17:48:33Z logger.go:66:                         }
TestTerraformConfluentPlatformSinglenodeExample 2022-08-01T17:48:33Z logger.go:66:                       + endpoint       = (known after apply)
TestTerraformConfluentPlatformSinglenodeExample 2022-08-01T17:48:33Z logger.go:66:                       + tls            = {
TestTerraformConfluentPlatformSinglenodeExample 2022-08-01T17:48:33Z logger.go:66:                           + directoryPathInContainer = (known after apply)
TestTerraformConfluentPlatformSinglenodeExample 2022-08-01T17:48:33Z logger.go:66:                           + enabled                  = (known after apply)
TestTerraformConfluentPlatformSinglenodeExample 2022-08-01T17:48:33Z logger.go:66:                           + ignoreTrustStoreConfig   = (known after apply)
TestTerraformConfluentPlatformSinglenodeExample 2022-08-01T17:48:33Z logger.go:66:                           + jksPassword              = {
TestTerraformConfluentPlatformSinglenodeExample 2022-08-01T17:48:33Z logger.go:66:                               + secretRef = (known after apply)
TestTerraformConfluentPlatformSinglenodeExample 2022-08-01T17:48:33Z logger.go:66:                             }
TestTerraformConfluentPlatformSinglenodeExample 2022-08-01T17:48:33Z logger.go:66:                           + secretRef                = (known after apply)
TestTerraformConfluentPlatformSinglenodeExample 2022-08-01T17:48:33Z logger.go:66:                         }
TestTerraformConfluentPlatformSinglenodeExample 2022-08-01T17:48:33Z logger.go:66:                       + tokenKeyPair   = {
TestTerraformConfluentPlatformSinglenodeExample 2022-08-01T17:48:33Z logger.go:66:                           + directoryPathInContainer = (known after apply)
TestTerraformConfluentPlatformSinglenodeExample 2022-08-01T17:48:33Z logger.go:66:                           + secretRef                = (known after apply)
TestTerraformConfluentPlatformSinglenodeExample 2022-08-01T17:48:33Z logger.go:66:                         }
TestTerraformConfluentPlatformSinglenodeExample 2022-08-01T17:48:33Z logger.go:66:                     }
TestTerraformConfluentPlatformSinglenodeExample 2022-08-01T17:48:33Z logger.go:66:                   + producer       = {
TestTerraformConfluentPlatformSinglenodeExample 2022-08-01T17:48:33Z logger.go:66:                       + authentication    = {
TestTerraformConfluentPlatformSinglenodeExample 2022-08-01T17:48:33Z logger.go:66:                           + jaasConfig            = {
TestTerraformConfluentPlatformSinglenodeExample 2022-08-01T17:48:33Z logger.go:66:                               + secretRef = (known after apply)
TestTerraformConfluentPlatformSinglenodeExample 2022-08-01T17:48:33Z logger.go:66:                             }
TestTerraformConfluentPlatformSinglenodeExample 2022-08-01T17:48:33Z logger.go:66:                           + jaasConfigPassThrough = {
TestTerraformConfluentPlatformSinglenodeExample 2022-08-01T17:48:33Z logger.go:66:                               + directoryPathInContainer = (known after apply)
TestTerraformConfluentPlatformSinglenodeExample 2022-08-01T17:48:33Z logger.go:66:                               + secretRef                = (known after apply)
TestTerraformConfluentPlatformSinglenodeExample 2022-08-01T17:48:33Z logger.go:66:                             }
TestTerraformConfluentPlatformSinglenodeExample 2022-08-01T17:48:33Z logger.go:66:                           + oauthbearer           = {
TestTerraformConfluentPlatformSinglenodeExample 2022-08-01T17:48:33Z logger.go:66:                               + directoryPathInContainer = (known after apply)
TestTerraformConfluentPlatformSinglenodeExample 2022-08-01T17:48:33Z logger.go:66:                               + secretRef                = (known after apply)
TestTerraformConfluentPlatformSinglenodeExample 2022-08-01T17:48:33Z logger.go:66:                             }
TestTerraformConfluentPlatformSinglenodeExample 2022-08-01T17:48:33Z logger.go:66:                           + type                  = (known after apply)
TestTerraformConfluentPlatformSinglenodeExample 2022-08-01T17:48:33Z logger.go:66:                         }
TestTerraformConfluentPlatformSinglenodeExample 2022-08-01T17:48:33Z logger.go:66:                       + bootstrapEndpoint = (known after apply)
TestTerraformConfluentPlatformSinglenodeExample 2022-08-01T17:48:33Z logger.go:66:                       + discovery         = {
TestTerraformConfluentPlatformSinglenodeExample 2022-08-01T17:48:33Z logger.go:66:                           + name      = (known after apply)
TestTerraformConfluentPlatformSinglenodeExample 2022-08-01T17:48:33Z logger.go:66:                           + namespace = (known after apply)
TestTerraformConfluentPlatformSinglenodeExample 2022-08-01T17:48:33Z logger.go:66:                           + secretRef = (known after apply)
TestTerraformConfluentPlatformSinglenodeExample 2022-08-01T17:48:33Z logger.go:66:                         }
TestTerraformConfluentPlatformSinglenodeExample 2022-08-01T17:48:33Z logger.go:66:                       + tls               = {
TestTerraformConfluentPlatformSinglenodeExample 2022-08-01T17:48:33Z logger.go:66:                           + directoryPathInContainer = (known after apply)
TestTerraformConfluentPlatformSinglenodeExample 2022-08-01T17:48:33Z logger.go:66:                           + enabled                  = (known after apply)
TestTerraformConfluentPlatformSinglenodeExample 2022-08-01T17:48:33Z logger.go:66:                           + ignoreTrustStoreConfig   = (known after apply)
TestTerraformConfluentPlatformSinglenodeExample 2022-08-01T17:48:33Z logger.go:66:                           + jksPassword              = {
TestTerraformConfluentPlatformSinglenodeExample 2022-08-01T17:48:33Z logger.go:66:                               + secretRef = (known after apply)
TestTerraformConfluentPlatformSinglenodeExample 2022-08-01T17:48:33Z logger.go:66:                             }
TestTerraformConfluentPlatformSinglenodeExample 2022-08-01T17:48:33Z logger.go:66:                           + secretRef                = (known after apply)
TestTerraformConfluentPlatformSinglenodeExample 2022-08-01T17:48:33Z logger.go:66:                         }
TestTerraformConfluentPlatformSinglenodeExample 2022-08-01T17:48:33Z logger.go:66:                     }
TestTerraformConfluentPlatformSinglenodeExample 2022-08-01T17:48:33Z logger.go:66:                   + schemaRegistry = {
TestTerraformConfluentPlatformSinglenodeExample 2022-08-01T17:48:33Z logger.go:66:                       + authentication = {
TestTerraformConfluentPlatformSinglenodeExample 2022-08-01T17:48:33Z logger.go:66:                           + basic = {
TestTerraformConfluentPlatformSinglenodeExample 2022-08-01T17:48:33Z logger.go:66:                               + debug                    = (known after apply)
TestTerraformConfluentPlatformSinglenodeExample 2022-08-01T17:48:33Z logger.go:66:                               + directoryPathInContainer = (known after apply)
TestTerraformConfluentPlatformSinglenodeExample 2022-08-01T17:48:33Z logger.go:66:                               + restrictedRoles          = (known after apply)
TestTerraformConfluentPlatformSinglenodeExample 2022-08-01T17:48:33Z logger.go:66:                               + roles                    = (known after apply)
TestTerraformConfluentPlatformSinglenodeExample 2022-08-01T17:48:33Z logger.go:66:                               + secretRef                = (known after apply)
TestTerraformConfluentPlatformSinglenodeExample 2022-08-01T17:48:33Z logger.go:66:                             }
TestTerraformConfluentPlatformSinglenodeExample 2022-08-01T17:48:33Z logger.go:66:                           + type  = (known after apply)
TestTerraformConfluentPlatformSinglenodeExample 2022-08-01T17:48:33Z logger.go:66:                         }
TestTerraformConfluentPlatformSinglenodeExample 2022-08-01T17:48:33Z logger.go:66:                       + tls            = {
TestTerraformConfluentPlatformSinglenodeExample 2022-08-01T17:48:33Z logger.go:66:                           + directoryPathInContainer = (known after apply)
TestTerraformConfluentPlatformSinglenodeExample 2022-08-01T17:48:33Z logger.go:66:                           + enabled                  = (known after apply)
TestTerraformConfluentPlatformSinglenodeExample 2022-08-01T17:48:33Z logger.go:66:                           + ignoreTrustStoreConfig   = (known after apply)
TestTerraformConfluentPlatformSinglenodeExample 2022-08-01T17:48:33Z logger.go:66:                           + jksPassword              = {
TestTerraformConfluentPlatformSinglenodeExample 2022-08-01T17:48:33Z logger.go:66:                               + secretRef = (known after apply)
TestTerraformConfluentPlatformSinglenodeExample 2022-08-01T17:48:33Z logger.go:66:                             }
TestTerraformConfluentPlatformSinglenodeExample 2022-08-01T17:48:33Z logger.go:66:                           + secretRef                = (known after apply)
TestTerraformConfluentPlatformSinglenodeExample 2022-08-01T17:48:33Z logger.go:66:                         }
TestTerraformConfluentPlatformSinglenodeExample 2022-08-01T17:48:33Z logger.go:66:                       + url            = (known after apply)
TestTerraformConfluentPlatformSinglenodeExample 2022-08-01T17:48:33Z logger.go:66:                     }
TestTerraformConfluentPlatformSinglenodeExample 2022-08-01T17:48:33Z logger.go:66:                 }
TestTerraformConfluentPlatformSinglenodeExample 2022-08-01T17:48:33Z logger.go:66:               + enableSchemas                  = (known after apply)
TestTerraformConfluentPlatformSinglenodeExample 2022-08-01T17:48:33Z logger.go:66:               + externalAccess                 = {
TestTerraformConfluentPlatformSinglenodeExample 2022-08-01T17:48:33Z logger.go:66:                   + loadBalancer = {
TestTerraformConfluentPlatformSinglenodeExample 2022-08-01T17:48:33Z logger.go:66:                       + advertisedURL            = {
TestTerraformConfluentPlatformSinglenodeExample 2022-08-01T17:48:33Z logger.go:66:                           + enabled = (known after apply)
TestTerraformConfluentPlatformSinglenodeExample 2022-08-01T17:48:33Z logger.go:66:                           + prefix  = (known after apply)
TestTerraformConfluentPlatformSinglenodeExample 2022-08-01T17:48:33Z logger.go:66:                         }
TestTerraformConfluentPlatformSinglenodeExample 2022-08-01T17:48:33Z logger.go:66:                       + annotations              = (known after apply)
TestTerraformConfluentPlatformSinglenodeExample 2022-08-01T17:48:33Z logger.go:66:                       + domain                   = (known after apply)
TestTerraformConfluentPlatformSinglenodeExample 2022-08-01T17:48:33Z logger.go:66:                       + externalTrafficPolicy    = (known after apply)
TestTerraformConfluentPlatformSinglenodeExample 2022-08-01T17:48:33Z logger.go:66:                       + labels                   = (known after apply)
TestTerraformConfluentPlatformSinglenodeExample 2022-08-01T17:48:33Z logger.go:66:                       + loadBalancerSourceRanges = (known after apply)
TestTerraformConfluentPlatformSinglenodeExample 2022-08-01T17:48:33Z logger.go:66:                       + port                     = (known after apply)
TestTerraformConfluentPlatformSinglenodeExample 2022-08-01T17:48:33Z logger.go:66:                       + prefix                   = (known after apply)
TestTerraformConfluentPlatformSinglenodeExample 2022-08-01T17:48:33Z logger.go:66:                       + servicePorts             = (known after apply)
TestTerraformConfluentPlatformSinglenodeExample 2022-08-01T17:48:33Z logger.go:66:                       + sessionAffinity          = (known after apply)
TestTerraformConfluentPlatformSinglenodeExample 2022-08-01T17:48:33Z logger.go:66:                       + sessionAffinityConfig    = {
TestTerraformConfluentPlatformSinglenodeExample 2022-08-01T17:48:33Z logger.go:66:                           + clientIP = {
TestTerraformConfluentPlatformSinglenodeExample 2022-08-01T17:48:33Z logger.go:66:                               + timeoutSeconds = (known after apply)
TestTerraformConfluentPlatformSinglenodeExample 2022-08-01T17:48:33Z logger.go:66:                             }
TestTerraformConfluentPlatformSinglenodeExample 2022-08-01T17:48:33Z logger.go:66:                         }
TestTerraformConfluentPlatformSinglenodeExample 2022-08-01T17:48:33Z logger.go:66:                     }
TestTerraformConfluentPlatformSinglenodeExample 2022-08-01T17:48:33Z logger.go:66:                   + nodePort     = {
TestTerraformConfluentPlatformSinglenodeExample 2022-08-01T17:48:33Z logger.go:66:                       + advertisedURL         = {
TestTerraformConfluentPlatformSinglenodeExample 2022-08-01T17:48:33Z logger.go:66:                           + enabled = (known after apply)
TestTerraformConfluentPlatformSinglenodeExample 2022-08-01T17:48:33Z logger.go:66:                           + prefix  = (known after apply)
TestTerraformConfluentPlatformSinglenodeExample 2022-08-01T17:48:33Z logger.go:66:                         }
TestTerraformConfluentPlatformSinglenodeExample 2022-08-01T17:48:33Z logger.go:66:                       + annotations           = (known after apply)
TestTerraformConfluentPlatformSinglenodeExample 2022-08-01T17:48:33Z logger.go:66:                       + externalTrafficPolicy = (known after apply)
TestTerraformConfluentPlatformSinglenodeExample 2022-08-01T17:48:33Z logger.go:66:                       + host                  = (known after apply)
TestTerraformConfluentPlatformSinglenodeExample 2022-08-01T17:48:33Z logger.go:66:                       + labels                = (known after apply)
TestTerraformConfluentPlatformSinglenodeExample 2022-08-01T17:48:33Z logger.go:66:                       + nodePortOffset        = (known after apply)
TestTerraformConfluentPlatformSinglenodeExample 2022-08-01T17:48:33Z logger.go:66:                       + servicePorts          = (known after apply)
TestTerraformConfluentPlatformSinglenodeExample 2022-08-01T17:48:33Z logger.go:66:                       + sessionAffinity       = (known after apply)
TestTerraformConfluentPlatformSinglenodeExample 2022-08-01T17:48:33Z logger.go:66:                       + sessionAffinityConfig = {
TestTerraformConfluentPlatformSinglenodeExample 2022-08-01T17:48:33Z logger.go:66:                           + clientIP = {
TestTerraformConfluentPlatformSinglenodeExample 2022-08-01T17:48:33Z logger.go:66:                               + timeoutSeconds = (known after apply)
TestTerraformConfluentPlatformSinglenodeExample 2022-08-01T17:48:33Z logger.go:66:                             }
TestTerraformConfluentPlatformSinglenodeExample 2022-08-01T17:48:33Z logger.go:66:                         }
TestTerraformConfluentPlatformSinglenodeExample 2022-08-01T17:48:33Z logger.go:66:                     }
TestTerraformConfluentPlatformSinglenodeExample 2022-08-01T17:48:33Z logger.go:66:                   + route        = {
TestTerraformConfluentPlatformSinglenodeExample 2022-08-01T17:48:33Z logger.go:66:                       + annotations    = (known after apply)
TestTerraformConfluentPlatformSinglenodeExample 2022-08-01T17:48:33Z logger.go:66:                       + domain         = (known after apply)
TestTerraformConfluentPlatformSinglenodeExample 2022-08-01T17:48:33Z logger.go:66:                       + labels         = (known after apply)
TestTerraformConfluentPlatformSinglenodeExample 2022-08-01T17:48:33Z logger.go:66:                       + prefix         = (known after apply)
TestTerraformConfluentPlatformSinglenodeExample 2022-08-01T17:48:33Z logger.go:66:                       + wildcardPolicy = (known after apply)
TestTerraformConfluentPlatformSinglenodeExample 2022-08-01T17:48:33Z logger.go:66:                     }
TestTerraformConfluentPlatformSinglenodeExample 2022-08-01T17:48:33Z logger.go:66:                   + type         = (known after apply)
TestTerraformConfluentPlatformSinglenodeExample 2022-08-01T17:48:33Z logger.go:66:                 }
TestTerraformConfluentPlatformSinglenodeExample 2022-08-01T17:48:33Z logger.go:66:               + headlessService                = {
TestTerraformConfluentPlatformSinglenodeExample 2022-08-01T17:48:33Z logger.go:66:                   + annotations              = (known after apply)
TestTerraformConfluentPlatformSinglenodeExample 2022-08-01T17:48:33Z logger.go:66:                   + labels                   = (known after apply)
TestTerraformConfluentPlatformSinglenodeExample 2022-08-01T17:48:33Z logger.go:66:                   + publishNotReadyAddresses = (known after apply)
TestTerraformConfluentPlatformSinglenodeExample 2022-08-01T17:48:33Z logger.go:66:                 }
TestTerraformConfluentPlatformSinglenodeExample 2022-08-01T17:48:33Z logger.go:66:               + image                          = {
TestTerraformConfluentPlatformSinglenodeExample 2022-08-01T17:48:33Z logger.go:66:                   + application   = "confluentinc/cp-server-connect:7.2.0"
TestTerraformConfluentPlatformSinglenodeExample 2022-08-01T17:48:33Z logger.go:66:                   + init          = "confluentinc/confluent-init-container:2.4.0"
TestTerraformConfluentPlatformSinglenodeExample 2022-08-01T17:48:33Z logger.go:66:                   + pullPolicy    = (known after apply)
TestTerraformConfluentPlatformSinglenodeExample 2022-08-01T17:48:33Z logger.go:66:                   + pullSecretRef = (known after apply)
TestTerraformConfluentPlatformSinglenodeExample 2022-08-01T17:48:33Z logger.go:66:                 }
TestTerraformConfluentPlatformSinglenodeExample 2022-08-01T17:48:33Z logger.go:66:               + injectAnnotations              = (known after apply)
TestTerraformConfluentPlatformSinglenodeExample 2022-08-01T17:48:33Z logger.go:66:               + injectLabels                   = (known after apply)
TestTerraformConfluentPlatformSinglenodeExample 2022-08-01T17:48:33Z logger.go:66:               + internalTopicReplicationFactor = (known after apply)
TestTerraformConfluentPlatformSinglenodeExample 2022-08-01T17:48:33Z logger.go:66:               + k8sClusterDomain               = (known after apply)
TestTerraformConfluentPlatformSinglenodeExample 2022-08-01T17:48:33Z logger.go:66:               + keyConverterType               = (known after apply)
TestTerraformConfluentPlatformSinglenodeExample 2022-08-01T17:48:33Z logger.go:66:               + license                        = {
TestTerraformConfluentPlatformSinglenodeExample 2022-08-01T17:48:33Z logger.go:66:                   + directoryPathInContainer = (known after apply)
TestTerraformConfluentPlatformSinglenodeExample 2022-08-01T17:48:33Z logger.go:66:                   + globalLicense            = (known after apply)
TestTerraformConfluentPlatformSinglenodeExample 2022-08-01T17:48:33Z logger.go:66:                   + secretRef                = (known after apply)
TestTerraformConfluentPlatformSinglenodeExample 2022-08-01T17:48:33Z logger.go:66:                 }
TestTerraformConfluentPlatformSinglenodeExample 2022-08-01T17:48:33Z logger.go:66:               + metrics                        = {
TestTerraformConfluentPlatformSinglenodeExample 2022-08-01T17:48:33Z logger.go:66:                   + authentication = {
TestTerraformConfluentPlatformSinglenodeExample 2022-08-01T17:48:33Z logger.go:66:                       + type = (known after apply)
TestTerraformConfluentPlatformSinglenodeExample 2022-08-01T17:48:33Z logger.go:66:                     }
TestTerraformConfluentPlatformSinglenodeExample 2022-08-01T17:48:33Z logger.go:66:                   + prometheus     = {
TestTerraformConfluentPlatformSinglenodeExample 2022-08-01T17:48:33Z logger.go:66:                       + blacklist = (known after apply)
TestTerraformConfluentPlatformSinglenodeExample 2022-08-01T17:48:33Z logger.go:66:                       + rules     = (known after apply)
TestTerraformConfluentPlatformSinglenodeExample 2022-08-01T17:48:33Z logger.go:66:                       + whitelist = (known after apply)
TestTerraformConfluentPlatformSinglenodeExample 2022-08-01T17:48:33Z logger.go:66:                     }
TestTerraformConfluentPlatformSinglenodeExample 2022-08-01T17:48:33Z logger.go:66:                   + tls            = {
TestTerraformConfluentPlatformSinglenodeExample 2022-08-01T17:48:33Z logger.go:66:                       + directoryPathInContainer = (known after apply)
TestTerraformConfluentPlatformSinglenodeExample 2022-08-01T17:48:33Z logger.go:66:                       + enabled                  = (known after apply)
TestTerraformConfluentPlatformSinglenodeExample 2022-08-01T17:48:33Z logger.go:66:                       + ignoreTrustStoreConfig   = (known after apply)
TestTerraformConfluentPlatformSinglenodeExample 2022-08-01T17:48:33Z logger.go:66:                       + jksPassword              = {
TestTerraformConfluentPlatformSinglenodeExample 2022-08-01T17:48:33Z logger.go:66:                           + secretRef = (known after apply)
TestTerraformConfluentPlatformSinglenodeExample 2022-08-01T17:48:33Z logger.go:66:                         }
TestTerraformConfluentPlatformSinglenodeExample 2022-08-01T17:48:33Z logger.go:66:                       + secretRef                = (known after apply)
TestTerraformConfluentPlatformSinglenodeExample 2022-08-01T17:48:33Z logger.go:66:                     }
TestTerraformConfluentPlatformSinglenodeExample 2022-08-01T17:48:33Z logger.go:66:                 }
TestTerraformConfluentPlatformSinglenodeExample 2022-08-01T17:48:33Z logger.go:66:               + mountedSecrets                 = (known after apply)
TestTerraformConfluentPlatformSinglenodeExample 2022-08-01T17:48:33Z logger.go:66:               + mountedVolumes                 = {
TestTerraformConfluentPlatformSinglenodeExample 2022-08-01T17:48:33Z logger.go:66:                   + volumeMounts = (known after apply)
TestTerraformConfluentPlatformSinglenodeExample 2022-08-01T17:48:33Z logger.go:66:                   + volumes      = (known after apply)
TestTerraformConfluentPlatformSinglenodeExample 2022-08-01T17:48:33Z logger.go:66:                 }
TestTerraformConfluentPlatformSinglenodeExample 2022-08-01T17:48:33Z logger.go:66:               + oneReplicaPerNode              = (known after apply)
TestTerraformConfluentPlatformSinglenodeExample 2022-08-01T17:48:33Z logger.go:66:               + podTemplate                    = {
TestTerraformConfluentPlatformSinglenodeExample 2022-08-01T17:48:33Z logger.go:66:                   + affinity                      = {
TestTerraformConfluentPlatformSinglenodeExample 2022-08-01T17:48:33Z logger.go:66:                       + nodeAffinity    = {
TestTerraformConfluentPlatformSinglenodeExample 2022-08-01T17:48:33Z logger.go:66:                           + preferredDuringSchedulingIgnoredDuringExecution = (known after apply)
TestTerraformConfluentPlatformSinglenodeExample 2022-08-01T17:48:33Z logger.go:66:                           + requiredDuringSchedulingIgnoredDuringExecution  = {
TestTerraformConfluentPlatformSinglenodeExample 2022-08-01T17:48:33Z logger.go:66:                               + nodeSelectorTerms = (known after apply)
TestTerraformConfluentPlatformSinglenodeExample 2022-08-01T17:48:33Z logger.go:66:                             }
TestTerraformConfluentPlatformSinglenodeExample 2022-08-01T17:48:33Z logger.go:66:                         }
TestTerraformConfluentPlatformSinglenodeExample 2022-08-01T17:48:33Z logger.go:66:                       + podAffinity     = {
TestTerraformConfluentPlatformSinglenodeExample 2022-08-01T17:48:33Z logger.go:66:                           + preferredDuringSchedulingIgnoredDuringExecution = (known after apply)
TestTerraformConfluentPlatformSinglenodeExample 2022-08-01T17:48:33Z logger.go:66:                           + requiredDuringSchedulingIgnoredDuringExecution  = (known after apply)
TestTerraformConfluentPlatformSinglenodeExample 2022-08-01T17:48:33Z logger.go:66:                         }
TestTerraformConfluentPlatformSinglenodeExample 2022-08-01T17:48:33Z logger.go:66:                       + podAntiAffinity = {
TestTerraformConfluentPlatformSinglenodeExample 2022-08-01T17:48:33Z logger.go:66:                           + preferredDuringSchedulingIgnoredDuringExecution = (known after apply)
TestTerraformConfluentPlatformSinglenodeExample 2022-08-01T17:48:33Z logger.go:66:                           + requiredDuringSchedulingIgnoredDuringExecution  = (known after apply)
TestTerraformConfluentPlatformSinglenodeExample 2022-08-01T17:48:33Z logger.go:66:                         }
TestTerraformConfluentPlatformSinglenodeExample 2022-08-01T17:48:33Z logger.go:66:                     }
TestTerraformConfluentPlatformSinglenodeExample 2022-08-01T17:48:33Z logger.go:66:                   + annotations                   = (known after apply)
TestTerraformConfluentPlatformSinglenodeExample 2022-08-01T17:48:33Z logger.go:66:                   + envVars                       = (known after apply)
TestTerraformConfluentPlatformSinglenodeExample 2022-08-01T17:48:33Z logger.go:66:                   + labels                        = (known after apply)
TestTerraformConfluentPlatformSinglenodeExample 2022-08-01T17:48:33Z logger.go:66:                   + podSecurityContext            = {
TestTerraformConfluentPlatformSinglenodeExample 2022-08-01T17:48:33Z logger.go:66:                       + fsGroup             = 1000
TestTerraformConfluentPlatformSinglenodeExample 2022-08-01T17:48:33Z logger.go:66:                       + fsGroupChangePolicy = (known after apply)
TestTerraformConfluentPlatformSinglenodeExample 2022-08-01T17:48:33Z logger.go:66:                       + runAsGroup          = (known after apply)
TestTerraformConfluentPlatformSinglenodeExample 2022-08-01T17:48:33Z logger.go:66:                       + runAsNonRoot        = true
TestTerraformConfluentPlatformSinglenodeExample 2022-08-01T17:48:33Z logger.go:66:                       + runAsUser           = 1000
TestTerraformConfluentPlatformSinglenodeExample 2022-08-01T17:48:33Z logger.go:66:                       + seLinuxOptions      = {
TestTerraformConfluentPlatformSinglenodeExample 2022-08-01T17:48:33Z logger.go:66:                           + level = (known after apply)
TestTerraformConfluentPlatformSinglenodeExample 2022-08-01T17:48:33Z logger.go:66:                           + role  = (known after apply)
TestTerraformConfluentPlatformSinglenodeExample 2022-08-01T17:48:33Z logger.go:66:                           + type  = (known after apply)
TestTerraformConfluentPlatformSinglenodeExample 2022-08-01T17:48:33Z logger.go:66:                           + user  = (known after apply)
TestTerraformConfluentPlatformSinglenodeExample 2022-08-01T17:48:33Z logger.go:66:                         }
TestTerraformConfluentPlatformSinglenodeExample 2022-08-01T17:48:33Z logger.go:66:                       + seccompProfile      = {
TestTerraformConfluentPlatformSinglenodeExample 2022-08-01T17:48:33Z logger.go:66:                           + localhostProfile = (known after apply)
TestTerraformConfluentPlatformSinglenodeExample 2022-08-01T17:48:33Z logger.go:66:                           + type             = (known after apply)
TestTerraformConfluentPlatformSinglenodeExample 2022-08-01T17:48:33Z logger.go:66:                         }
TestTerraformConfluentPlatformSinglenodeExample 2022-08-01T17:48:33Z logger.go:66:                       + supplementalGroups  = (known after apply)
TestTerraformConfluentPlatformSinglenodeExample 2022-08-01T17:48:33Z logger.go:66:                       + sysctls             = (known after apply)
TestTerraformConfluentPlatformSinglenodeExample 2022-08-01T17:48:33Z logger.go:66:                       + windowsOptions      = {
TestTerraformConfluentPlatformSinglenodeExample 2022-08-01T17:48:33Z logger.go:66:                           + gmsaCredentialSpec     = (known after apply)
TestTerraformConfluentPlatformSinglenodeExample 2022-08-01T17:48:33Z logger.go:66:                           + gmsaCredentialSpecName = (known after apply)
TestTerraformConfluentPlatformSinglenodeExample 2022-08-01T17:48:33Z logger.go:66:                           + hostProcess            = (known after apply)
TestTerraformConfluentPlatformSinglenodeExample 2022-08-01T17:48:33Z logger.go:66:                           + runAsUserName          = (known after apply)
TestTerraformConfluentPlatformSinglenodeExample 2022-08-01T17:48:33Z logger.go:66:                         }
TestTerraformConfluentPlatformSinglenodeExample 2022-08-01T17:48:33Z logger.go:66:                     }
TestTerraformConfluentPlatformSinglenodeExample 2022-08-01T17:48:33Z logger.go:66:                   + priorityClassName             = (known after apply)
TestTerraformConfluentPlatformSinglenodeExample 2022-08-01T17:48:33Z logger.go:66:                   + probe                         = {
TestTerraformConfluentPlatformSinglenodeExample 2022-08-01T17:48:33Z logger.go:66:                       + liveness  = {
TestTerraformConfluentPlatformSinglenodeExample 2022-08-01T17:48:33Z logger.go:66:                           + failureThreshold    = 5
TestTerraformConfluentPlatformSinglenodeExample 2022-08-01T17:48:33Z logger.go:66:                           + initialDelaySeconds = (known after apply)
TestTerraformConfluentPlatformSinglenodeExample 2022-08-01T17:48:33Z logger.go:66:                           + periodSeconds       = 10
TestTerraformConfluentPlatformSinglenodeExample 2022-08-01T17:48:33Z logger.go:66:                           + successThreshold    = (known after apply)
TestTerraformConfluentPlatformSinglenodeExample 2022-08-01T17:48:33Z logger.go:66:                           + timeoutSeconds      = 500
TestTerraformConfluentPlatformSinglenodeExample 2022-08-01T17:48:33Z logger.go:66:                         }
TestTerraformConfluentPlatformSinglenodeExample 2022-08-01T17:48:33Z logger.go:66:                       + readiness = {
TestTerraformConfluentPlatformSinglenodeExample 2022-08-01T17:48:33Z logger.go:66:                           + failureThreshold    = (known after apply)
TestTerraformConfluentPlatformSinglenodeExample 2022-08-01T17:48:33Z logger.go:66:                           + initialDelaySeconds = (known after apply)
TestTerraformConfluentPlatformSinglenodeExample 2022-08-01T17:48:33Z logger.go:66:                           + periodSeconds       = (known after apply)
TestTerraformConfluentPlatformSinglenodeExample 2022-08-01T17:48:33Z logger.go:66:                           + successThreshold    = (known after apply)
TestTerraformConfluentPlatformSinglenodeExample 2022-08-01T17:48:33Z logger.go:66:                           + timeoutSeconds      = (known after apply)
TestTerraformConfluentPlatformSinglenodeExample 2022-08-01T17:48:33Z logger.go:66:                         }
TestTerraformConfluentPlatformSinglenodeExample 2022-08-01T17:48:33Z logger.go:66:                     }
TestTerraformConfluentPlatformSinglenodeExample 2022-08-01T17:48:33Z logger.go:66:                   + resources                     = {
TestTerraformConfluentPlatformSinglenodeExample 2022-08-01T17:48:33Z logger.go:66:                       + limits   = (known after apply)
TestTerraformConfluentPlatformSinglenodeExample 2022-08-01T17:48:33Z logger.go:66:                       + requests = {
TestTerraformConfluentPlatformSinglenodeExample 2022-08-01T17:48:33Z logger.go:66:                           + "cpu"    = "100m"
TestTerraformConfluentPlatformSinglenodeExample 2022-08-01T17:48:33Z logger.go:66:                           + "memory" = "256Mi"
TestTerraformConfluentPlatformSinglenodeExample 2022-08-01T17:48:33Z logger.go:66:                         }
TestTerraformConfluentPlatformSinglenodeExample 2022-08-01T17:48:33Z logger.go:66:                     }
TestTerraformConfluentPlatformSinglenodeExample 2022-08-01T17:48:33Z logger.go:66:                   + securityContext               = {
TestTerraformConfluentPlatformSinglenodeExample 2022-08-01T17:48:33Z logger.go:66:                       + allowPrivilegeEscalation = (known after apply)
TestTerraformConfluentPlatformSinglenodeExample 2022-08-01T17:48:33Z logger.go:66:                       + capabilities             = {
TestTerraformConfluentPlatformSinglenodeExample 2022-08-01T17:48:33Z logger.go:66:                           + add  = (known after apply)
TestTerraformConfluentPlatformSinglenodeExample 2022-08-01T17:48:33Z logger.go:66:                           + drop = (known after apply)
TestTerraformConfluentPlatformSinglenodeExample 2022-08-01T17:48:33Z logger.go:66:                         }
TestTerraformConfluentPlatformSinglenodeExample 2022-08-01T17:48:33Z logger.go:66:                       + privileged               = (known after apply)
TestTerraformConfluentPlatformSinglenodeExample 2022-08-01T17:48:33Z logger.go:66:                       + procMount                = (known after apply)
TestTerraformConfluentPlatformSinglenodeExample 2022-08-01T17:48:33Z logger.go:66:                       + readOnlyRootFilesystem   = (known after apply)
TestTerraformConfluentPlatformSinglenodeExample 2022-08-01T17:48:33Z logger.go:66:                       + runAsGroup               = (known after apply)
TestTerraformConfluentPlatformSinglenodeExample 2022-08-01T17:48:33Z logger.go:66:                       + runAsNonRoot             = (known after apply)
TestTerraformConfluentPlatformSinglenodeExample 2022-08-01T17:48:33Z logger.go:66:                       + runAsUser                = (known after apply)
TestTerraformConfluentPlatformSinglenodeExample 2022-08-01T17:48:33Z logger.go:66:                       + seLinuxOptions           = {
TestTerraformConfluentPlatformSinglenodeExample 2022-08-01T17:48:33Z logger.go:66:                           + level = (known after apply)
TestTerraformConfluentPlatformSinglenodeExample 2022-08-01T17:48:33Z logger.go:66:                           + role  = (known after apply)
TestTerraformConfluentPlatformSinglenodeExample 2022-08-01T17:48:33Z logger.go:66:                           + type  = (known after apply)
TestTerraformConfluentPlatformSinglenodeExample 2022-08-01T17:48:33Z logger.go:66:                           + user  = (known after apply)
TestTerraformConfluentPlatformSinglenodeExample 2022-08-01T17:48:33Z logger.go:66:                         }
TestTerraformConfluentPlatformSinglenodeExample 2022-08-01T17:48:33Z logger.go:66:                       + seccompProfile           = {
TestTerraformConfluentPlatformSinglenodeExample 2022-08-01T17:48:33Z logger.go:66:                           + localhostProfile = (known after apply)
TestTerraformConfluentPlatformSinglenodeExample 2022-08-01T17:48:33Z logger.go:66:                           + type             = (known after apply)
TestTerraformConfluentPlatformSinglenodeExample 2022-08-01T17:48:33Z logger.go:66:                         }
TestTerraformConfluentPlatformSinglenodeExample 2022-08-01T17:48:33Z logger.go:66:                       + windowsOptions           = {
TestTerraformConfluentPlatformSinglenodeExample 2022-08-01T17:48:33Z logger.go:66:                           + gmsaCredentialSpec     = (known after apply)
TestTerraformConfluentPlatformSinglenodeExample 2022-08-01T17:48:33Z logger.go:66:                           + gmsaCredentialSpecName = (known after apply)
TestTerraformConfluentPlatformSinglenodeExample 2022-08-01T17:48:33Z logger.go:66:                           + hostProcess            = (known after apply)
TestTerraformConfluentPlatformSinglenodeExample 2022-08-01T17:48:33Z logger.go:66:                           + runAsUserName          = (known after apply)
TestTerraformConfluentPlatformSinglenodeExample 2022-08-01T17:48:33Z logger.go:66:                         }
TestTerraformConfluentPlatformSinglenodeExample 2022-08-01T17:48:33Z logger.go:66:                     }
TestTerraformConfluentPlatformSinglenodeExample 2022-08-01T17:48:33Z logger.go:66:                   + serviceAccountName            = (known after apply)
TestTerraformConfluentPlatformSinglenodeExample 2022-08-01T17:48:33Z logger.go:66:                   + terminationGracePeriodSeconds = (known after apply)
TestTerraformConfluentPlatformSinglenodeExample 2022-08-01T17:48:33Z logger.go:66:                   + tolerations                   = (known after apply)
TestTerraformConfluentPlatformSinglenodeExample 2022-08-01T17:48:33Z logger.go:66:                   + topologySpreadConstraints     = (known after apply)
TestTerraformConfluentPlatformSinglenodeExample 2022-08-01T17:48:33Z logger.go:66:                 }
TestTerraformConfluentPlatformSinglenodeExample 2022-08-01T17:48:33Z logger.go:66:               + replicas                       = 1
TestTerraformConfluentPlatformSinglenodeExample 2022-08-01T17:48:33Z logger.go:66:               + telemetry                      = {
TestTerraformConfluentPlatformSinglenodeExample 2022-08-01T17:48:33Z logger.go:66:                   + global = (known after apply)
TestTerraformConfluentPlatformSinglenodeExample 2022-08-01T17:48:33Z logger.go:66:                 }
TestTerraformConfluentPlatformSinglenodeExample 2022-08-01T17:48:33Z logger.go:66:               + tls                            = {
TestTerraformConfluentPlatformSinglenodeExample 2022-08-01T17:48:33Z logger.go:66:                   + autoGeneratedCerts       = (known after apply)
TestTerraformConfluentPlatformSinglenodeExample 2022-08-01T17:48:33Z logger.go:66:                   + directoryPathInContainer = (known after apply)
TestTerraformConfluentPlatformSinglenodeExample 2022-08-01T17:48:33Z logger.go:66:                   + ignoreTrustStoreConfig   = (known after apply)
TestTerraformConfluentPlatformSinglenodeExample 2022-08-01T17:48:33Z logger.go:66:                   + jksPassword              = {
TestTerraformConfluentPlatformSinglenodeExample 2022-08-01T17:48:33Z logger.go:66:                       + secretRef = (known after apply)
TestTerraformConfluentPlatformSinglenodeExample 2022-08-01T17:48:33Z logger.go:66:                     }
TestTerraformConfluentPlatformSinglenodeExample 2022-08-01T17:48:33Z logger.go:66:                   + secretRef                = (known after apply)
TestTerraformConfluentPlatformSinglenodeExample 2022-08-01T17:48:33Z logger.go:66:                 }
TestTerraformConfluentPlatformSinglenodeExample 2022-08-01T17:48:33Z logger.go:66:               + valueConverterType             = (known after apply)
TestTerraformConfluentPlatformSinglenodeExample 2022-08-01T17:48:33Z logger.go:66:             }
TestTerraformConfluentPlatformSinglenodeExample 2022-08-01T17:48:33Z logger.go:66:         }
TestTerraformConfluentPlatformSinglenodeExample 2022-08-01T17:48:33Z logger.go:66:
TestTerraformConfluentPlatformSinglenodeExample 2022-08-01T17:48:33Z logger.go:66:       + timeouts {
TestTerraformConfluentPlatformSinglenodeExample 2022-08-01T17:48:33Z logger.go:66:           + create = "1h"
TestTerraformConfluentPlatformSinglenodeExample 2022-08-01T17:48:33Z logger.go:66:           + delete = "10m"
TestTerraformConfluentPlatformSinglenodeExample 2022-08-01T17:48:33Z logger.go:66:           + update = "1h"
TestTerraformConfluentPlatformSinglenodeExample 2022-08-01T17:48:33Z logger.go:66:         }
TestTerraformConfluentPlatformSinglenodeExample 2022-08-01T17:48:33Z logger.go:66:
TestTerraformConfluentPlatformSinglenodeExample 2022-08-01T17:48:33Z logger.go:66:       + wait {
TestTerraformConfluentPlatformSinglenodeExample 2022-08-01T17:48:33Z logger.go:66:           + fields = {
TestTerraformConfluentPlatformSinglenodeExample 2022-08-01T17:48:33Z logger.go:66:               + "status.phase" = "RUNNING"
TestTerraformConfluentPlatformSinglenodeExample 2022-08-01T17:48:33Z logger.go:66:             }
TestTerraformConfluentPlatformSinglenodeExample 2022-08-01T17:48:33Z logger.go:66:         }
TestTerraformConfluentPlatformSinglenodeExample 2022-08-01T17:48:33Z logger.go:66:     }
TestTerraformConfluentPlatformSinglenodeExample 2022-08-01T17:48:33Z logger.go:66:
TestTerraformConfluentPlatformSinglenodeExample 2022-08-01T17:48:33Z logger.go:66:   # module.confluent_platform_singlenode.kubernetes_manifest.components["controlcenter"] will be created
TestTerraformConfluentPlatformSinglenodeExample 2022-08-01T17:48:33Z logger.go:66:   + resource "kubernetes_manifest" "components" {
TestTerraformConfluentPlatformSinglenodeExample 2022-08-01T17:48:33Z logger.go:66:       + computed_fields = [
TestTerraformConfluentPlatformSinglenodeExample 2022-08-01T17:48:33Z logger.go:66:           + "metadata.finalizers",
TestTerraformConfluentPlatformSinglenodeExample 2022-08-01T17:48:33Z logger.go:66:         ]
TestTerraformConfluentPlatformSinglenodeExample 2022-08-01T17:48:33Z logger.go:66:       + manifest        = {
TestTerraformConfluentPlatformSinglenodeExample 2022-08-01T17:48:33Z logger.go:66:           + apiVersion = "platform.confluent.io/v1beta1"
TestTerraformConfluentPlatformSinglenodeExample 2022-08-01T17:48:33Z logger.go:66:           + kind       = "ControlCenter"
TestTerraformConfluentPlatformSinglenodeExample 2022-08-01T17:48:33Z logger.go:66:           + metadata   = {
TestTerraformConfluentPlatformSinglenodeExample 2022-08-01T17:48:33Z logger.go:66:               + name      = "controlcenter"
TestTerraformConfluentPlatformSinglenodeExample 2022-08-01T17:48:33Z logger.go:66:               + namespace = "confluent"
TestTerraformConfluentPlatformSinglenodeExample 2022-08-01T17:48:33Z logger.go:66:             }
TestTerraformConfluentPlatformSinglenodeExample 2022-08-01T17:48:33Z logger.go:66:           + spec       = {
TestTerraformConfluentPlatformSinglenodeExample 2022-08-01T17:48:33Z logger.go:66:               + configOverrides    = {
TestTerraformConfluentPlatformSinglenodeExample 2022-08-01T17:48:33Z logger.go:66:                   + server = [
TestTerraformConfluentPlatformSinglenodeExample 2022-08-01T17:48:33Z logger.go:66:                       + "confluent.controlcenter.command.topic.replication=1",
TestTerraformConfluentPlatformSinglenodeExample 2022-08-01T17:48:33Z logger.go:66:                       + "confluent.controlcenter.replication.factor=1",
TestTerraformConfluentPlatformSinglenodeExample 2022-08-01T17:48:33Z logger.go:66:                       + "confluent.metrics.reporter.topic.replicas=1",
TestTerraformConfluentPlatformSinglenodeExample 2022-08-01T17:48:33Z logger.go:66:                       + "confluent.metrics.topic.replication=1",
TestTerraformConfluentPlatformSinglenodeExample 2022-08-01T17:48:33Z logger.go:66:                       + "confluent.monitoring.interceptor.topic.replication=1",
TestTerraformConfluentPlatformSinglenodeExample 2022-08-01T17:48:33Z logger.go:66:                       + "confluent.controlcenter.internal.topics.replication=1",
TestTerraformConfluentPlatformSinglenodeExample 2022-08-01T17:48:33Z logger.go:66:                     ]
TestTerraformConfluentPlatformSinglenodeExample 2022-08-01T17:48:33Z logger.go:66:                 }
TestTerraformConfluentPlatformSinglenodeExample 2022-08-01T17:48:33Z logger.go:66:               + dataVolumeCapacity = "10Gi"
TestTerraformConfluentPlatformSinglenodeExample 2022-08-01T17:48:33Z logger.go:66:               + dependencies       = {
TestTerraformConfluentPlatformSinglenodeExample 2022-08-01T17:48:33Z logger.go:66:                   + connect        = [
TestTerraformConfluentPlatformSinglenodeExample 2022-08-01T17:48:33Z logger.go:66:                       + {
TestTerraformConfluentPlatformSinglenodeExample 2022-08-01T17:48:33Z logger.go:66:                           + name = "connect-dev"
TestTerraformConfluentPlatformSinglenodeExample 2022-08-01T17:48:33Z logger.go:66:                           + url  = "http://connect.confluent.svc.cluster.local:8083"
TestTerraformConfluentPlatformSinglenodeExample 2022-08-01T17:48:33Z logger.go:66:                         },
TestTerraformConfluentPlatformSinglenodeExample 2022-08-01T17:48:33Z logger.go:66:                     ]
TestTerraformConfluentPlatformSinglenodeExample 2022-08-01T17:48:33Z logger.go:66:                   + ksqldb         = [
TestTerraformConfluentPlatformSinglenodeExample 2022-08-01T17:48:33Z logger.go:66:                       + {
TestTerraformConfluentPlatformSinglenodeExample 2022-08-01T17:48:33Z logger.go:66:                           + name = "ksql-dev"
TestTerraformConfluentPlatformSinglenodeExample 2022-08-01T17:48:33Z logger.go:66:                           + url  = "http://ksqldb.confluent.svc.cluster.local:8088"
TestTerraformConfluentPlatformSinglenodeExample 2022-08-01T17:48:33Z logger.go:66:                         },
TestTerraformConfluentPlatformSinglenodeExample 2022-08-01T17:48:33Z logger.go:66:                     ]
TestTerraformConfluentPlatformSinglenodeExample 2022-08-01T17:48:33Z logger.go:66:                   + schemaRegistry = {
TestTerraformConfluentPlatformSinglenodeExample 2022-08-01T17:48:33Z logger.go:66:                       + url = "http://schemaregistry.confluent.svc.cluster.local:8081"
TestTerraformConfluentPlatformSinglenodeExample 2022-08-01T17:48:33Z logger.go:66:                     }
TestTerraformConfluentPlatformSinglenodeExample 2022-08-01T17:48:33Z logger.go:66:                 }
TestTerraformConfluentPlatformSinglenodeExample 2022-08-01T17:48:33Z logger.go:66:               + externalAccess     = {
TestTerraformConfluentPlatformSinglenodeExample 2022-08-01T17:48:33Z logger.go:66:                   + loadBalancer = {
TestTerraformConfluentPlatformSinglenodeExample 2022-08-01T17:48:33Z logger.go:66:                       + domain = "minikube.domain"
TestTerraformConfluentPlatformSinglenodeExample 2022-08-01T17:48:33Z logger.go:66:                     }
TestTerraformConfluentPlatformSinglenodeExample 2022-08-01T17:48:33Z logger.go:66:                   + type         = "loadBalancer"
TestTerraformConfluentPlatformSinglenodeExample 2022-08-01T17:48:33Z logger.go:66:                 }
TestTerraformConfluentPlatformSinglenodeExample 2022-08-01T17:48:33Z logger.go:66:               + image              = {
TestTerraformConfluentPlatformSinglenodeExample 2022-08-01T17:48:33Z logger.go:66:                   + application = "confluentinc/cp-enterprise-control-center:7.2.0"
TestTerraformConfluentPlatformSinglenodeExample 2022-08-01T17:48:33Z logger.go:66:                   + init        = "confluentinc/confluent-init-container:2.4.0"
TestTerraformConfluentPlatformSinglenodeExample 2022-08-01T17:48:33Z logger.go:66:                 }
TestTerraformConfluentPlatformSinglenodeExample 2022-08-01T17:48:33Z logger.go:66:               + podTemplate        = {
TestTerraformConfluentPlatformSinglenodeExample 2022-08-01T17:48:33Z logger.go:66:                   + podSecurityContext = {
TestTerraformConfluentPlatformSinglenodeExample 2022-08-01T17:48:33Z logger.go:66:                       + fsGroup      = 1000
TestTerraformConfluentPlatformSinglenodeExample 2022-08-01T17:48:33Z logger.go:66:                       + runAsNonRoot = true
TestTerraformConfluentPlatformSinglenodeExample 2022-08-01T17:48:33Z logger.go:66:                       + runAsUser    = 1000
TestTerraformConfluentPlatformSinglenodeExample 2022-08-01T17:48:33Z logger.go:66:                     }
TestTerraformConfluentPlatformSinglenodeExample 2022-08-01T17:48:33Z logger.go:66:                   + probe              = {
TestTerraformConfluentPlatformSinglenodeExample 2022-08-01T17:48:33Z logger.go:66:                       + liveness = {
TestTerraformConfluentPlatformSinglenodeExample 2022-08-01T17:48:33Z logger.go:66:                           + failureThreshold = 5
TestTerraformConfluentPlatformSinglenodeExample 2022-08-01T17:48:33Z logger.go:66:                           + periodSeconds    = 10
TestTerraformConfluentPlatformSinglenodeExample 2022-08-01T17:48:33Z logger.go:66:                           + timeoutSeconds   = 500
TestTerraformConfluentPlatformSinglenodeExample 2022-08-01T17:48:33Z logger.go:66:                         }
TestTerraformConfluentPlatformSinglenodeExample 2022-08-01T17:48:33Z logger.go:66:                     }
TestTerraformConfluentPlatformSinglenodeExample 2022-08-01T17:48:33Z logger.go:66:                   + resources          = {
TestTerraformConfluentPlatformSinglenodeExample 2022-08-01T17:48:33Z logger.go:66:                       + requests = {
TestTerraformConfluentPlatformSinglenodeExample 2022-08-01T17:48:33Z logger.go:66:                           + cpu    = "500m"
TestTerraformConfluentPlatformSinglenodeExample 2022-08-01T17:48:33Z logger.go:66:                           + memory = "512Mi"
TestTerraformConfluentPlatformSinglenodeExample 2022-08-01T17:48:33Z logger.go:66:                         }
TestTerraformConfluentPlatformSinglenodeExample 2022-08-01T17:48:33Z logger.go:66:                     }
TestTerraformConfluentPlatformSinglenodeExample 2022-08-01T17:48:33Z logger.go:66:                 }
TestTerraformConfluentPlatformSinglenodeExample 2022-08-01T17:48:33Z logger.go:66:               + replicas           = 1
TestTerraformConfluentPlatformSinglenodeExample 2022-08-01T17:48:33Z logger.go:66:             }
TestTerraformConfluentPlatformSinglenodeExample 2022-08-01T17:48:33Z logger.go:66:         }
TestTerraformConfluentPlatformSinglenodeExample 2022-08-01T17:48:33Z logger.go:66:       + object          = {
TestTerraformConfluentPlatformSinglenodeExample 2022-08-01T17:48:33Z logger.go:66:           + apiVersion = "platform.confluent.io/v1beta1"
TestTerraformConfluentPlatformSinglenodeExample 2022-08-01T17:48:33Z logger.go:66:           + kind       = "ControlCenter"
TestTerraformConfluentPlatformSinglenodeExample 2022-08-01T17:48:33Z logger.go:66:           + metadata   = {
TestTerraformConfluentPlatformSinglenodeExample 2022-08-01T17:48:33Z logger.go:66:               + annotations                = (known after apply)
TestTerraformConfluentPlatformSinglenodeExample 2022-08-01T17:48:33Z logger.go:66:               + clusterName                = (known after apply)
TestTerraformConfluentPlatformSinglenodeExample 2022-08-01T17:48:33Z logger.go:66:               + creationTimestamp          = (known after apply)
TestTerraformConfluentPlatformSinglenodeExample 2022-08-01T17:48:33Z logger.go:66:               + deletionGracePeriodSeconds = (known after apply)
TestTerraformConfluentPlatformSinglenodeExample 2022-08-01T17:48:33Z logger.go:66:               + deletionTimestamp          = (known after apply)
TestTerraformConfluentPlatformSinglenodeExample 2022-08-01T17:48:33Z logger.go:66:               + finalizers                 = (known after apply)
TestTerraformConfluentPlatformSinglenodeExample 2022-08-01T17:48:33Z logger.go:66:               + generateName               = (known after apply)
TestTerraformConfluentPlatformSinglenodeExample 2022-08-01T17:48:33Z logger.go:66:               + generation                 = (known after apply)
TestTerraformConfluentPlatformSinglenodeExample 2022-08-01T17:48:33Z logger.go:66:               + labels                     = (known after apply)
TestTerraformConfluentPlatformSinglenodeExample 2022-08-01T17:48:33Z logger.go:66:               + managedFields              = (known after apply)
TestTerraformConfluentPlatformSinglenodeExample 2022-08-01T17:48:33Z logger.go:66:               + name                       = "controlcenter"
TestTerraformConfluentPlatformSinglenodeExample 2022-08-01T17:48:33Z logger.go:66:               + namespace                  = "confluent"
TestTerraformConfluentPlatformSinglenodeExample 2022-08-01T17:48:33Z logger.go:66:               + ownerReferences            = (known after apply)
TestTerraformConfluentPlatformSinglenodeExample 2022-08-01T17:48:33Z logger.go:66:               + resourceVersion            = (known after apply)
TestTerraformConfluentPlatformSinglenodeExample 2022-08-01T17:48:33Z logger.go:66:               + selfLink                   = (known after apply)
TestTerraformConfluentPlatformSinglenodeExample 2022-08-01T17:48:33Z logger.go:66:               + uid                        = (known after apply)
TestTerraformConfluentPlatformSinglenodeExample 2022-08-01T17:48:33Z logger.go:66:             }
TestTerraformConfluentPlatformSinglenodeExample 2022-08-01T17:48:33Z logger.go:66:           + spec       = {
TestTerraformConfluentPlatformSinglenodeExample 2022-08-01T17:48:33Z logger.go:66:               + authentication                = {
TestTerraformConfluentPlatformSinglenodeExample 2022-08-01T17:48:33Z logger.go:66:                   + basic = {
TestTerraformConfluentPlatformSinglenodeExample 2022-08-01T17:48:33Z logger.go:66:                       + debug                    = (known after apply)
TestTerraformConfluentPlatformSinglenodeExample 2022-08-01T17:48:33Z logger.go:66:                       + directoryPathInContainer = (known after apply)
TestTerraformConfluentPlatformSinglenodeExample 2022-08-01T17:48:33Z logger.go:66:                       + restrictedRoles          = (known after apply)
TestTerraformConfluentPlatformSinglenodeExample 2022-08-01T17:48:33Z logger.go:66:                       + roles                    = (known after apply)
TestTerraformConfluentPlatformSinglenodeExample 2022-08-01T17:48:33Z logger.go:66:                       + secretRef                = (known after apply)
TestTerraformConfluentPlatformSinglenodeExample 2022-08-01T17:48:33Z logger.go:66:                     }
TestTerraformConfluentPlatformSinglenodeExample 2022-08-01T17:48:33Z logger.go:66:                   + ldap  = {
TestTerraformConfluentPlatformSinglenodeExample 2022-08-01T17:48:33Z logger.go:66:                       + debug           = (known after apply)
TestTerraformConfluentPlatformSinglenodeExample 2022-08-01T17:48:33Z logger.go:66:                       + property        = (known after apply)
TestTerraformConfluentPlatformSinglenodeExample 2022-08-01T17:48:33Z logger.go:66:                       + restrictedRoles = (known after apply)
TestTerraformConfluentPlatformSinglenodeExample 2022-08-01T17:48:33Z logger.go:66:                       + roles           = (known after apply)
TestTerraformConfluentPlatformSinglenodeExample 2022-08-01T17:48:33Z logger.go:66:                       + secretRef       = (known after apply)
TestTerraformConfluentPlatformSinglenodeExample 2022-08-01T17:48:33Z logger.go:66:                     }
TestTerraformConfluentPlatformSinglenodeExample 2022-08-01T17:48:33Z logger.go:66:                   + type  = (known after apply)
TestTerraformConfluentPlatformSinglenodeExample 2022-08-01T17:48:33Z logger.go:66:                 }
TestTerraformConfluentPlatformSinglenodeExample 2022-08-01T17:48:33Z logger.go:66:               + authorization                 = {
TestTerraformConfluentPlatformSinglenodeExample 2022-08-01T17:48:33Z logger.go:66:                   + kafkaRestClassRef = {
TestTerraformConfluentPlatformSinglenodeExample 2022-08-01T17:48:33Z logger.go:66:                       + name      = (known after apply)
TestTerraformConfluentPlatformSinglenodeExample 2022-08-01T17:48:33Z logger.go:66:                       + namespace = (known after apply)
TestTerraformConfluentPlatformSinglenodeExample 2022-08-01T17:48:33Z logger.go:66:                     }
TestTerraformConfluentPlatformSinglenodeExample 2022-08-01T17:48:33Z logger.go:66:                   + type              = (known after apply)
TestTerraformConfluentPlatformSinglenodeExample 2022-08-01T17:48:33Z logger.go:66:                 }
TestTerraformConfluentPlatformSinglenodeExample 2022-08-01T17:48:33Z logger.go:66:               + configOverrides               = {
TestTerraformConfluentPlatformSinglenodeExample 2022-08-01T17:48:33Z logger.go:66:                   + jvm    = (known after apply)
TestTerraformConfluentPlatformSinglenodeExample 2022-08-01T17:48:33Z logger.go:66:                   + log4j  = (known after apply)
TestTerraformConfluentPlatformSinglenodeExample 2022-08-01T17:48:33Z logger.go:66:                   + server = [
TestTerraformConfluentPlatformSinglenodeExample 2022-08-01T17:48:33Z logger.go:66:                       + "confluent.controlcenter.command.topic.replication=1",
TestTerraformConfluentPlatformSinglenodeExample 2022-08-01T17:48:33Z logger.go:66:                       + "confluent.controlcenter.replication.factor=1",
TestTerraformConfluentPlatformSinglenodeExample 2022-08-01T17:48:33Z logger.go:66:                       + "confluent.metrics.reporter.topic.replicas=1",
TestTerraformConfluentPlatformSinglenodeExample 2022-08-01T17:48:33Z logger.go:66:                       + "confluent.metrics.topic.replication=1",
TestTerraformConfluentPlatformSinglenodeExample 2022-08-01T17:48:33Z logger.go:66:                       + "confluent.monitoring.interceptor.topic.replication=1",
TestTerraformConfluentPlatformSinglenodeExample 2022-08-01T17:48:33Z logger.go:66:                       + "confluent.controlcenter.internal.topics.replication=1",
TestTerraformConfluentPlatformSinglenodeExample 2022-08-01T17:48:33Z logger.go:66:                     ]
TestTerraformConfluentPlatformSinglenodeExample 2022-08-01T17:48:33Z logger.go:66:                 }
TestTerraformConfluentPlatformSinglenodeExample 2022-08-01T17:48:33Z logger.go:66:               + dataVolumeCapacity            = "10Gi"
TestTerraformConfluentPlatformSinglenodeExample 2022-08-01T17:48:33Z logger.go:66:               + dependencies                  = {
TestTerraformConfluentPlatformSinglenodeExample 2022-08-01T17:48:33Z logger.go:66:                   + connect        = [
TestTerraformConfluentPlatformSinglenodeExample 2022-08-01T17:48:33Z logger.go:66:                       + {
TestTerraformConfluentPlatformSinglenodeExample 2022-08-01T17:48:33Z logger.go:66:                           + authentication = {
TestTerraformConfluentPlatformSinglenodeExample 2022-08-01T17:48:33Z logger.go:66:                               + basic = {
TestTerraformConfluentPlatformSinglenodeExample 2022-08-01T17:48:33Z logger.go:66:                                   + debug                    = (known after apply)
TestTerraformConfluentPlatformSinglenodeExample 2022-08-01T17:48:33Z logger.go:66:                                   + directoryPathInContainer = (known after apply)
TestTerraformConfluentPlatformSinglenodeExample 2022-08-01T17:48:33Z logger.go:66:                                   + restrictedRoles          = (known after apply)
TestTerraformConfluentPlatformSinglenodeExample 2022-08-01T17:48:33Z logger.go:66:                                   + roles                    = (known after apply)
TestTerraformConfluentPlatformSinglenodeExample 2022-08-01T17:48:33Z logger.go:66:                                   + secretRef                = (known after apply)
TestTerraformConfluentPlatformSinglenodeExample 2022-08-01T17:48:33Z logger.go:66:                                 }
TestTerraformConfluentPlatformSinglenodeExample 2022-08-01T17:48:33Z logger.go:66:                               + type  = (known after apply)
TestTerraformConfluentPlatformSinglenodeExample 2022-08-01T17:48:33Z logger.go:66:                             }
TestTerraformConfluentPlatformSinglenodeExample 2022-08-01T17:48:33Z logger.go:66:                           + name           = "connect-dev"
TestTerraformConfluentPlatformSinglenodeExample 2022-08-01T17:48:33Z logger.go:66:                           + tls            = {
TestTerraformConfluentPlatformSinglenodeExample 2022-08-01T17:48:33Z logger.go:66:                               + directoryPathInContainer = (known after apply)
TestTerraformConfluentPlatformSinglenodeExample 2022-08-01T17:48:33Z logger.go:66:                               + enabled                  = (known after apply)
TestTerraformConfluentPlatformSinglenodeExample 2022-08-01T17:48:33Z logger.go:66:                               + ignoreTrustStoreConfig   = (known after apply)
TestTerraformConfluentPlatformSinglenodeExample 2022-08-01T17:48:33Z logger.go:66:                               + jksPassword              = {
TestTerraformConfluentPlatformSinglenodeExample 2022-08-01T17:48:33Z logger.go:66:                                   + secretRef = (known after apply)
TestTerraformConfluentPlatformSinglenodeExample 2022-08-01T17:48:33Z logger.go:66:                                 }
TestTerraformConfluentPlatformSinglenodeExample 2022-08-01T17:48:33Z logger.go:66:                               + secretRef                = (known after apply)
TestTerraformConfluentPlatformSinglenodeExample 2022-08-01T17:48:33Z logger.go:66:                             }
TestTerraformConfluentPlatformSinglenodeExample 2022-08-01T17:48:33Z logger.go:66:                           + url            = "http://connect.confluent.svc.cluster.local:8083"
TestTerraformConfluentPlatformSinglenodeExample 2022-08-01T17:48:33Z logger.go:66:                         },
TestTerraformConfluentPlatformSinglenodeExample 2022-08-01T17:48:33Z logger.go:66:                     ]
TestTerraformConfluentPlatformSinglenodeExample 2022-08-01T17:48:33Z logger.go:66:                   + kafka          = {
TestTerraformConfluentPlatformSinglenodeExample 2022-08-01T17:48:33Z logger.go:66:                       + authentication    = {
TestTerraformConfluentPlatformSinglenodeExample 2022-08-01T17:48:33Z logger.go:66:                           + jaasConfig            = {
TestTerraformConfluentPlatformSinglenodeExample 2022-08-01T17:48:33Z logger.go:66:                               + secretRef = (known after apply)
TestTerraformConfluentPlatformSinglenodeExample 2022-08-01T17:48:33Z logger.go:66:                             }
TestTerraformConfluentPlatformSinglenodeExample 2022-08-01T17:48:33Z logger.go:66:                           + jaasConfigPassThrough = {
TestTerraformConfluentPlatformSinglenodeExample 2022-08-01T17:48:33Z logger.go:66:                               + directoryPathInContainer = (known after apply)
TestTerraformConfluentPlatformSinglenodeExample 2022-08-01T17:48:33Z logger.go:66:                               + secretRef                = (known after apply)
TestTerraformConfluentPlatformSinglenodeExample 2022-08-01T17:48:33Z logger.go:66:                             }
TestTerraformConfluentPlatformSinglenodeExample 2022-08-01T17:48:33Z logger.go:66:                           + oauthbearer           = {
TestTerraformConfluentPlatformSinglenodeExample 2022-08-01T17:48:33Z logger.go:66:                               + directoryPathInContainer = (known after apply)
TestTerraformConfluentPlatformSinglenodeExample 2022-08-01T17:48:33Z logger.go:66:                               + secretRef                = (known after apply)
TestTerraformConfluentPlatformSinglenodeExample 2022-08-01T17:48:33Z logger.go:66:                             }
TestTerraformConfluentPlatformSinglenodeExample 2022-08-01T17:48:33Z logger.go:66:                           + type                  = (known after apply)
TestTerraformConfluentPlatformSinglenodeExample 2022-08-01T17:48:33Z logger.go:66:                         }
TestTerraformConfluentPlatformSinglenodeExample 2022-08-01T17:48:33Z logger.go:66:                       + bootstrapEndpoint = (known after apply)
TestTerraformConfluentPlatformSinglenodeExample 2022-08-01T17:48:33Z logger.go:66:                       + discovery         = {
TestTerraformConfluentPlatformSinglenodeExample 2022-08-01T17:48:33Z logger.go:66:                           + name      = (known after apply)
TestTerraformConfluentPlatformSinglenodeExample 2022-08-01T17:48:33Z logger.go:66:                           + namespace = (known after apply)
TestTerraformConfluentPlatformSinglenodeExample 2022-08-01T17:48:33Z logger.go:66:                           + secretRef = (known after apply)
TestTerraformConfluentPlatformSinglenodeExample 2022-08-01T17:48:33Z logger.go:66:                         }
TestTerraformConfluentPlatformSinglenodeExample 2022-08-01T17:48:33Z logger.go:66:                       + tls               = {
TestTerraformConfluentPlatformSinglenodeExample 2022-08-01T17:48:33Z logger.go:66:                           + directoryPathInContainer = (known after apply)
TestTerraformConfluentPlatformSinglenodeExample 2022-08-01T17:48:33Z logger.go:66:                           + enabled                  = (known after apply)
TestTerraformConfluentPlatformSinglenodeExample 2022-08-01T17:48:33Z logger.go:66:                           + ignoreTrustStoreConfig   = (known after apply)
TestTerraformConfluentPlatformSinglenodeExample 2022-08-01T17:48:33Z logger.go:66:                           + jksPassword              = {
TestTerraformConfluentPlatformSinglenodeExample 2022-08-01T17:48:33Z logger.go:66:                               + secretRef = (known after apply)
TestTerraformConfluentPlatformSinglenodeExample 2022-08-01T17:48:33Z logger.go:66:                             }
TestTerraformConfluentPlatformSinglenodeExample 2022-08-01T17:48:33Z logger.go:66:                           + secretRef                = (known after apply)
TestTerraformConfluentPlatformSinglenodeExample 2022-08-01T17:48:33Z logger.go:66:                         }
TestTerraformConfluentPlatformSinglenodeExample 2022-08-01T17:48:33Z logger.go:66:                     }
TestTerraformConfluentPlatformSinglenodeExample 2022-08-01T17:48:33Z logger.go:66:                   + ksqldb         = [
TestTerraformConfluentPlatformSinglenodeExample 2022-08-01T17:48:33Z logger.go:66:                       + {
TestTerraformConfluentPlatformSinglenodeExample 2022-08-01T17:48:33Z logger.go:66:                           + advertisedUrl  = (known after apply)
TestTerraformConfluentPlatformSinglenodeExample 2022-08-01T17:48:33Z logger.go:66:                           + authentication = {
TestTerraformConfluentPlatformSinglenodeExample 2022-08-01T17:48:33Z logger.go:66:                               + basic = {
TestTerraformConfluentPlatformSinglenodeExample 2022-08-01T17:48:33Z logger.go:66:                                   + debug                    = (known after apply)
TestTerraformConfluentPlatformSinglenodeExample 2022-08-01T17:48:33Z logger.go:66:                                   + directoryPathInContainer = (known after apply)
TestTerraformConfluentPlatformSinglenodeExample 2022-08-01T17:48:33Z logger.go:66:                                   + restrictedRoles          = (known after apply)
TestTerraformConfluentPlatformSinglenodeExample 2022-08-01T17:48:33Z logger.go:66:                                   + roles                    = (known after apply)
TestTerraformConfluentPlatformSinglenodeExample 2022-08-01T17:48:33Z logger.go:66:                                   + secretRef                = (known after apply)
TestTerraformConfluentPlatformSinglenodeExample 2022-08-01T17:48:33Z logger.go:66:                                 }
TestTerraformConfluentPlatformSinglenodeExample 2022-08-01T17:48:33Z logger.go:66:                               + type  = (known after apply)
TestTerraformConfluentPlatformSinglenodeExample 2022-08-01T17:48:33Z logger.go:66:                             }
TestTerraformConfluentPlatformSinglenodeExample 2022-08-01T17:48:33Z logger.go:66:                           + name           = "ksql-dev"
TestTerraformConfluentPlatformSinglenodeExample 2022-08-01T17:48:33Z logger.go:66:                           + tls            = {
TestTerraformConfluentPlatformSinglenodeExample 2022-08-01T17:48:33Z logger.go:66:                               + directoryPathInContainer = (known after apply)
TestTerraformConfluentPlatformSinglenodeExample 2022-08-01T17:48:33Z logger.go:66:                               + enabled                  = (known after apply)
TestTerraformConfluentPlatformSinglenodeExample 2022-08-01T17:48:33Z logger.go:66:                               + ignoreTrustStoreConfig   = (known after apply)
TestTerraformConfluentPlatformSinglenodeExample 2022-08-01T17:48:33Z logger.go:66:                               + jksPassword              = {
TestTerraformConfluentPlatformSinglenodeExample 2022-08-01T17:48:33Z logger.go:66:                                   + secretRef = (known after apply)
TestTerraformConfluentPlatformSinglenodeExample 2022-08-01T17:48:33Z logger.go:66:                                 }
TestTerraformConfluentPlatformSinglenodeExample 2022-08-01T17:48:33Z logger.go:66:                               + secretRef                = (known after apply)
TestTerraformConfluentPlatformSinglenodeExample 2022-08-01T17:48:33Z logger.go:66:                             }
TestTerraformConfluentPlatformSinglenodeExample 2022-08-01T17:48:33Z logger.go:66:                           + url            = "http://ksqldb.confluent.svc.cluster.local:8088"
TestTerraformConfluentPlatformSinglenodeExample 2022-08-01T17:48:33Z logger.go:66:                         },
TestTerraformConfluentPlatformSinglenodeExample 2022-08-01T17:48:33Z logger.go:66:                     ]
TestTerraformConfluentPlatformSinglenodeExample 2022-08-01T17:48:33Z logger.go:66:                   + mds            = {
TestTerraformConfluentPlatformSinglenodeExample 2022-08-01T17:48:33Z logger.go:66:                       + authentication = {
TestTerraformConfluentPlatformSinglenodeExample 2022-08-01T17:48:33Z logger.go:66:                           + bearer = {
TestTerraformConfluentPlatformSinglenodeExample 2022-08-01T17:48:33Z logger.go:66:                               + directoryPathInContainer = (known after apply)
TestTerraformConfluentPlatformSinglenodeExample 2022-08-01T17:48:33Z logger.go:66:                               + secretRef                = (known after apply)
TestTerraformConfluentPlatformSinglenodeExample 2022-08-01T17:48:33Z logger.go:66:                             }
TestTerraformConfluentPlatformSinglenodeExample 2022-08-01T17:48:33Z logger.go:66:                           + type   = (known after apply)
TestTerraformConfluentPlatformSinglenodeExample 2022-08-01T17:48:33Z logger.go:66:                         }
TestTerraformConfluentPlatformSinglenodeExample 2022-08-01T17:48:33Z logger.go:66:                       + endpoint       = (known after apply)
TestTerraformConfluentPlatformSinglenodeExample 2022-08-01T17:48:33Z logger.go:66:                       + tls            = {
TestTerraformConfluentPlatformSinglenodeExample 2022-08-01T17:48:33Z logger.go:66:                           + directoryPathInContainer = (known after apply)
TestTerraformConfluentPlatformSinglenodeExample 2022-08-01T17:48:33Z logger.go:66:                           + enabled                  = (known after apply)
TestTerraformConfluentPlatformSinglenodeExample 2022-08-01T17:48:33Z logger.go:66:                           + ignoreTrustStoreConfig   = (known after apply)
TestTerraformConfluentPlatformSinglenodeExample 2022-08-01T17:48:33Z logger.go:66:                           + jksPassword              = {
TestTerraformConfluentPlatformSinglenodeExample 2022-08-01T17:48:33Z logger.go:66:                               + secretRef = (known after apply)
TestTerraformConfluentPlatformSinglenodeExample 2022-08-01T17:48:33Z logger.go:66:                             }
TestTerraformConfluentPlatformSinglenodeExample 2022-08-01T17:48:33Z logger.go:66:                           + secretRef                = (known after apply)
TestTerraformConfluentPlatformSinglenodeExample 2022-08-01T17:48:33Z logger.go:66:                         }
TestTerraformConfluentPlatformSinglenodeExample 2022-08-01T17:48:33Z logger.go:66:                       + tokenKeyPair   = {
TestTerraformConfluentPlatformSinglenodeExample 2022-08-01T17:48:33Z logger.go:66:                           + directoryPathInContainer = (known after apply)
TestTerraformConfluentPlatformSinglenodeExample 2022-08-01T17:48:33Z logger.go:66:                           + secretRef                = (known after apply)
TestTerraformConfluentPlatformSinglenodeExample 2022-08-01T17:48:33Z logger.go:66:                         }
TestTerraformConfluentPlatformSinglenodeExample 2022-08-01T17:48:33Z logger.go:66:                     }
TestTerraformConfluentPlatformSinglenodeExample 2022-08-01T17:48:33Z logger.go:66:                   + schemaRegistry = {
TestTerraformConfluentPlatformSinglenodeExample 2022-08-01T17:48:33Z logger.go:66:                       + authentication = {
TestTerraformConfluentPlatformSinglenodeExample 2022-08-01T17:48:33Z logger.go:66:                           + basic = {
TestTerraformConfluentPlatformSinglenodeExample 2022-08-01T17:48:33Z logger.go:66:                               + debug                    = (known after apply)
TestTerraformConfluentPlatformSinglenodeExample 2022-08-01T17:48:33Z logger.go:66:                               + directoryPathInContainer = (known after apply)
TestTerraformConfluentPlatformSinglenodeExample 2022-08-01T17:48:33Z logger.go:66:                               + restrictedRoles          = (known after apply)
TestTerraformConfluentPlatformSinglenodeExample 2022-08-01T17:48:33Z logger.go:66:                               + roles                    = (known after apply)
TestTerraformConfluentPlatformSinglenodeExample 2022-08-01T17:48:33Z logger.go:66:                               + secretRef                = (known after apply)
TestTerraformConfluentPlatformSinglenodeExample 2022-08-01T17:48:33Z logger.go:66:                             }
TestTerraformConfluentPlatformSinglenodeExample 2022-08-01T17:48:33Z logger.go:66:                           + type  = (known after apply)
TestTerraformConfluentPlatformSinglenodeExample 2022-08-01T17:48:33Z logger.go:66:                         }
TestTerraformConfluentPlatformSinglenodeExample 2022-08-01T17:48:33Z logger.go:66:                       + clusters       = (known after apply)
TestTerraformConfluentPlatformSinglenodeExample 2022-08-01T17:48:33Z logger.go:66:                       + tls            = {
TestTerraformConfluentPlatformSinglenodeExample 2022-08-01T17:48:33Z logger.go:66:                           + directoryPathInContainer = (known after apply)
TestTerraformConfluentPlatformSinglenodeExample 2022-08-01T17:48:33Z logger.go:66:                           + enabled                  = (known after apply)
TestTerraformConfluentPlatformSinglenodeExample 2022-08-01T17:48:33Z logger.go:66:                           + ignoreTrustStoreConfig   = (known after apply)
TestTerraformConfluentPlatformSinglenodeExample 2022-08-01T17:48:33Z logger.go:66:                           + jksPassword              = {
TestTerraformConfluentPlatformSinglenodeExample 2022-08-01T17:48:33Z logger.go:66:                               + secretRef = (known after apply)
TestTerraformConfluentPlatformSinglenodeExample 2022-08-01T17:48:33Z logger.go:66:                             }
TestTerraformConfluentPlatformSinglenodeExample 2022-08-01T17:48:33Z logger.go:66:                           + secretRef                = (known after apply)
TestTerraformConfluentPlatformSinglenodeExample 2022-08-01T17:48:33Z logger.go:66:                         }
TestTerraformConfluentPlatformSinglenodeExample 2022-08-01T17:48:33Z logger.go:66:                       + url            = "http://schemaregistry.confluent.svc.cluster.local:8081"
TestTerraformConfluentPlatformSinglenodeExample 2022-08-01T17:48:33Z logger.go:66:                     }
TestTerraformConfluentPlatformSinglenodeExample 2022-08-01T17:48:33Z logger.go:66:                 }
TestTerraformConfluentPlatformSinglenodeExample 2022-08-01T17:48:33Z logger.go:66:               + externalAccess                = {
TestTerraformConfluentPlatformSinglenodeExample 2022-08-01T17:48:33Z logger.go:66:                   + loadBalancer = {
TestTerraformConfluentPlatformSinglenodeExample 2022-08-01T17:48:33Z logger.go:66:                       + advertisedURL            = {
TestTerraformConfluentPlatformSinglenodeExample 2022-08-01T17:48:33Z logger.go:66:                           + enabled = (known after apply)
TestTerraformConfluentPlatformSinglenodeExample 2022-08-01T17:48:33Z logger.go:66:                           + prefix  = (known after apply)
TestTerraformConfluentPlatformSinglenodeExample 2022-08-01T17:48:33Z logger.go:66:                         }
TestTerraformConfluentPlatformSinglenodeExample 2022-08-01T17:48:33Z logger.go:66:                       + annotations              = (known after apply)
TestTerraformConfluentPlatformSinglenodeExample 2022-08-01T17:48:33Z logger.go:66:                       + domain                   = "minikube.domain"
TestTerraformConfluentPlatformSinglenodeExample 2022-08-01T17:48:33Z logger.go:66:                       + externalTrafficPolicy    = (known after apply)
TestTerraformConfluentPlatformSinglenodeExample 2022-08-01T17:48:33Z logger.go:66:                       + labels                   = (known after apply)
TestTerraformConfluentPlatformSinglenodeExample 2022-08-01T17:48:33Z logger.go:66:                       + loadBalancerSourceRanges = (known after apply)
TestTerraformConfluentPlatformSinglenodeExample 2022-08-01T17:48:33Z logger.go:66:                       + port                     = (known after apply)
TestTerraformConfluentPlatformSinglenodeExample 2022-08-01T17:48:33Z logger.go:66:                       + prefix                   = (known after apply)
TestTerraformConfluentPlatformSinglenodeExample 2022-08-01T17:48:33Z logger.go:66:                       + servicePorts             = (known after apply)
TestTerraformConfluentPlatformSinglenodeExample 2022-08-01T17:48:33Z logger.go:66:                       + sessionAffinity          = (known after apply)
TestTerraformConfluentPlatformSinglenodeExample 2022-08-01T17:48:33Z logger.go:66:                       + sessionAffinityConfig    = {
TestTerraformConfluentPlatformSinglenodeExample 2022-08-01T17:48:33Z logger.go:66:                           + clientIP = {
TestTerraformConfluentPlatformSinglenodeExample 2022-08-01T17:48:33Z logger.go:66:                               + timeoutSeconds = (known after apply)
TestTerraformConfluentPlatformSinglenodeExample 2022-08-01T17:48:33Z logger.go:66:                             }
TestTerraformConfluentPlatformSinglenodeExample 2022-08-01T17:48:33Z logger.go:66:                         }
TestTerraformConfluentPlatformSinglenodeExample 2022-08-01T17:48:33Z logger.go:66:                     }
TestTerraformConfluentPlatformSinglenodeExample 2022-08-01T17:48:33Z logger.go:66:                   + nodePort     = {
TestTerraformConfluentPlatformSinglenodeExample 2022-08-01T17:48:33Z logger.go:66:                       + advertisedURL         = {
TestTerraformConfluentPlatformSinglenodeExample 2022-08-01T17:48:33Z logger.go:66:                           + enabled = (known after apply)
TestTerraformConfluentPlatformSinglenodeExample 2022-08-01T17:48:33Z logger.go:66:                           + prefix  = (known after apply)
TestTerraformConfluentPlatformSinglenodeExample 2022-08-01T17:48:33Z logger.go:66:                         }
TestTerraformConfluentPlatformSinglenodeExample 2022-08-01T17:48:33Z logger.go:66:                       + annotations           = (known after apply)
TestTerraformConfluentPlatformSinglenodeExample 2022-08-01T17:48:33Z logger.go:66:                       + externalTrafficPolicy = (known after apply)
TestTerraformConfluentPlatformSinglenodeExample 2022-08-01T17:48:33Z logger.go:66:                       + host                  = (known after apply)
TestTerraformConfluentPlatformSinglenodeExample 2022-08-01T17:48:33Z logger.go:66:                       + labels                = (known after apply)
TestTerraformConfluentPlatformSinglenodeExample 2022-08-01T17:48:33Z logger.go:66:                       + nodePortOffset        = (known after apply)
TestTerraformConfluentPlatformSinglenodeExample 2022-08-01T17:48:33Z logger.go:66:                       + servicePorts          = (known after apply)
TestTerraformConfluentPlatformSinglenodeExample 2022-08-01T17:48:33Z logger.go:66:                       + sessionAffinity       = (known after apply)
TestTerraformConfluentPlatformSinglenodeExample 2022-08-01T17:48:33Z logger.go:66:                       + sessionAffinityConfig = {
TestTerraformConfluentPlatformSinglenodeExample 2022-08-01T17:48:33Z logger.go:66:                           + clientIP = {
TestTerraformConfluentPlatformSinglenodeExample 2022-08-01T17:48:33Z logger.go:66:                               + timeoutSeconds = (known after apply)
TestTerraformConfluentPlatformSinglenodeExample 2022-08-01T17:48:33Z logger.go:66:                             }
TestTerraformConfluentPlatformSinglenodeExample 2022-08-01T17:48:33Z logger.go:66:                         }
TestTerraformConfluentPlatformSinglenodeExample 2022-08-01T17:48:33Z logger.go:66:                     }
TestTerraformConfluentPlatformSinglenodeExample 2022-08-01T17:48:33Z logger.go:66:                   + route        = {
TestTerraformConfluentPlatformSinglenodeExample 2022-08-01T17:48:33Z logger.go:66:                       + annotations    = (known after apply)
TestTerraformConfluentPlatformSinglenodeExample 2022-08-01T17:48:33Z logger.go:66:                       + domain         = (known after apply)
TestTerraformConfluentPlatformSinglenodeExample 2022-08-01T17:48:33Z logger.go:66:                       + labels         = (known after apply)
TestTerraformConfluentPlatformSinglenodeExample 2022-08-01T17:48:33Z logger.go:66:                       + prefix         = (known after apply)
TestTerraformConfluentPlatformSinglenodeExample 2022-08-01T17:48:33Z logger.go:66:                       + wildcardPolicy = (known after apply)
TestTerraformConfluentPlatformSinglenodeExample 2022-08-01T17:48:33Z logger.go:66:                     }
TestTerraformConfluentPlatformSinglenodeExample 2022-08-01T17:48:33Z logger.go:66:                   + type         = "loadBalancer"
TestTerraformConfluentPlatformSinglenodeExample 2022-08-01T17:48:33Z logger.go:66:                 }
TestTerraformConfluentPlatformSinglenodeExample 2022-08-01T17:48:33Z logger.go:66:               + headlessService               = {
TestTerraformConfluentPlatformSinglenodeExample 2022-08-01T17:48:33Z logger.go:66:                   + annotations              = (known after apply)
TestTerraformConfluentPlatformSinglenodeExample 2022-08-01T17:48:33Z logger.go:66:                   + labels                   = (known after apply)
TestTerraformConfluentPlatformSinglenodeExample 2022-08-01T17:48:33Z logger.go:66:                   + publishNotReadyAddresses = (known after apply)
TestTerraformConfluentPlatformSinglenodeExample 2022-08-01T17:48:33Z logger.go:66:                 }
TestTerraformConfluentPlatformSinglenodeExample 2022-08-01T17:48:33Z logger.go:66:               + id                            = (known after apply)
TestTerraformConfluentPlatformSinglenodeExample 2022-08-01T17:48:33Z logger.go:66:               + image                         = {
TestTerraformConfluentPlatformSinglenodeExample 2022-08-01T17:48:33Z logger.go:66:                   + application   = "confluentinc/cp-enterprise-control-center:7.2.0"
TestTerraformConfluentPlatformSinglenodeExample 2022-08-01T17:48:33Z logger.go:66:                   + init          = "confluentinc/confluent-init-container:2.4.0"
TestTerraformConfluentPlatformSinglenodeExample 2022-08-01T17:48:33Z logger.go:66:                   + pullPolicy    = (known after apply)
TestTerraformConfluentPlatformSinglenodeExample 2022-08-01T17:48:33Z logger.go:66:                   + pullSecretRef = (known after apply)
TestTerraformConfluentPlatformSinglenodeExample 2022-08-01T17:48:33Z logger.go:66:                 }
TestTerraformConfluentPlatformSinglenodeExample 2022-08-01T17:48:33Z logger.go:66:               + injectAnnotations             = (known after apply)
TestTerraformConfluentPlatformSinglenodeExample 2022-08-01T17:48:33Z logger.go:66:               + injectLabels                  = (known after apply)
TestTerraformConfluentPlatformSinglenodeExample 2022-08-01T17:48:33Z logger.go:66:               + internalTopicReplicatorFactor = (known after apply)
TestTerraformConfluentPlatformSinglenodeExample 2022-08-01T17:48:33Z logger.go:66:               + k8sClusterDomain              = (known after apply)
TestTerraformConfluentPlatformSinglenodeExample 2022-08-01T17:48:33Z logger.go:66:               + license                       = {
TestTerraformConfluentPlatformSinglenodeExample 2022-08-01T17:48:33Z logger.go:66:                   + directoryPathInContainer = (known after apply)
TestTerraformConfluentPlatformSinglenodeExample 2022-08-01T17:48:33Z logger.go:66:                   + globalLicense            = (known after apply)
TestTerraformConfluentPlatformSinglenodeExample 2022-08-01T17:48:33Z logger.go:66:                   + secretRef                = (known after apply)
TestTerraformConfluentPlatformSinglenodeExample 2022-08-01T17:48:33Z logger.go:66:                 }
TestTerraformConfluentPlatformSinglenodeExample 2022-08-01T17:48:33Z logger.go:66:               + mail                          = {
TestTerraformConfluentPlatformSinglenodeExample 2022-08-01T17:48:33Z logger.go:66:                   + authentication      = {
TestTerraformConfluentPlatformSinglenodeExample 2022-08-01T17:48:33Z logger.go:66:                       + basic = {
TestTerraformConfluentPlatformSinglenodeExample 2022-08-01T17:48:33Z logger.go:66:                           + debug                    = (known after apply)
TestTerraformConfluentPlatformSinglenodeExample 2022-08-01T17:48:33Z logger.go:66:                           + directoryPathInContainer = (known after apply)
TestTerraformConfluentPlatformSinglenodeExample 2022-08-01T17:48:33Z logger.go:66:                           + restrictedRoles          = (known after apply)
TestTerraformConfluentPlatformSinglenodeExample 2022-08-01T17:48:33Z logger.go:66:                           + roles                    = (known after apply)
TestTerraformConfluentPlatformSinglenodeExample 2022-08-01T17:48:33Z logger.go:66:                           + secretRef                = (known after apply)
TestTerraformConfluentPlatformSinglenodeExample 2022-08-01T17:48:33Z logger.go:66:                         }
TestTerraformConfluentPlatformSinglenodeExample 2022-08-01T17:48:33Z logger.go:66:                       + type  = (known after apply)
TestTerraformConfluentPlatformSinglenodeExample 2022-08-01T17:48:33Z logger.go:66:                     }
TestTerraformConfluentPlatformSinglenodeExample 2022-08-01T17:48:33Z logger.go:66:                   + checkServerIdentity = (known after apply)
TestTerraformConfluentPlatformSinglenodeExample 2022-08-01T17:48:33Z logger.go:66:                   + hostname            = (known after apply)
TestTerraformConfluentPlatformSinglenodeExample 2022-08-01T17:48:33Z logger.go:66:                   + mailBounceAddress   = (known after apply)
TestTerraformConfluentPlatformSinglenodeExample 2022-08-01T17:48:33Z logger.go:66:                   + mailFrom            = (known after apply)
TestTerraformConfluentPlatformSinglenodeExample 2022-08-01T17:48:33Z logger.go:66:                   + port                = (known after apply)
TestTerraformConfluentPlatformSinglenodeExample 2022-08-01T17:48:33Z logger.go:66:                   + startTLSRequired    = (known after apply)
TestTerraformConfluentPlatformSinglenodeExample 2022-08-01T17:48:33Z logger.go:66:                 }
TestTerraformConfluentPlatformSinglenodeExample 2022-08-01T17:48:33Z logger.go:66:               + metrics                       = {
TestTerraformConfluentPlatformSinglenodeExample 2022-08-01T17:48:33Z logger.go:66:                   + authentication = {
TestTerraformConfluentPlatformSinglenodeExample 2022-08-01T17:48:33Z logger.go:66:                       + type = (known after apply)
TestTerraformConfluentPlatformSinglenodeExample 2022-08-01T17:48:33Z logger.go:66:                     }
TestTerraformConfluentPlatformSinglenodeExample 2022-08-01T17:48:33Z logger.go:66:                   + prometheus     = {
TestTerraformConfluentPlatformSinglenodeExample 2022-08-01T17:48:33Z logger.go:66:                       + blacklist = (known after apply)
TestTerraformConfluentPlatformSinglenodeExample 2022-08-01T17:48:33Z logger.go:66:                       + rules     = (known after apply)
TestTerraformConfluentPlatformSinglenodeExample 2022-08-01T17:48:33Z logger.go:66:                       + whitelist = (known after apply)
TestTerraformConfluentPlatformSinglenodeExample 2022-08-01T17:48:33Z logger.go:66:                     }
TestTerraformConfluentPlatformSinglenodeExample 2022-08-01T17:48:33Z logger.go:66:                   + tls            = {
TestTerraformConfluentPlatformSinglenodeExample 2022-08-01T17:48:33Z logger.go:66:                       + directoryPathInContainer = (known after apply)
TestTerraformConfluentPlatformSinglenodeExample 2022-08-01T17:48:33Z logger.go:66:                       + enabled                  = (known after apply)
TestTerraformConfluentPlatformSinglenodeExample 2022-08-01T17:48:33Z logger.go:66:                       + ignoreTrustStoreConfig   = (known after apply)
TestTerraformConfluentPlatformSinglenodeExample 2022-08-01T17:48:33Z logger.go:66:                       + jksPassword              = {
TestTerraformConfluentPlatformSinglenodeExample 2022-08-01T17:48:33Z logger.go:66:                           + secretRef = (known after apply)
TestTerraformConfluentPlatformSinglenodeExample 2022-08-01T17:48:33Z logger.go:66:                         }
TestTerraformConfluentPlatformSinglenodeExample 2022-08-01T17:48:33Z logger.go:66:                       + secretRef                = (known after apply)
TestTerraformConfluentPlatformSinglenodeExample 2022-08-01T17:48:33Z logger.go:66:                     }
TestTerraformConfluentPlatformSinglenodeExample 2022-08-01T17:48:33Z logger.go:66:                 }
TestTerraformConfluentPlatformSinglenodeExample 2022-08-01T17:48:33Z logger.go:66:               + monitoringKafkaClusters       = (known after apply)
TestTerraformConfluentPlatformSinglenodeExample 2022-08-01T17:48:33Z logger.go:66:               + mountedSecrets                = (known after apply)
TestTerraformConfluentPlatformSinglenodeExample 2022-08-01T17:48:33Z logger.go:66:               + mountedVolumes                = {
TestTerraformConfluentPlatformSinglenodeExample 2022-08-01T17:48:33Z logger.go:66:                   + volumeMounts = (known after apply)
TestTerraformConfluentPlatformSinglenodeExample 2022-08-01T17:48:33Z logger.go:66:                   + volumes      = (known after apply)
TestTerraformConfluentPlatformSinglenodeExample 2022-08-01T17:48:33Z logger.go:66:                 }
TestTerraformConfluentPlatformSinglenodeExample 2022-08-01T17:48:33Z logger.go:66:               + name                          = (known after apply)
TestTerraformConfluentPlatformSinglenodeExample 2022-08-01T17:48:33Z logger.go:66:               + oneReplicaPerNode             = (known after apply)
TestTerraformConfluentPlatformSinglenodeExample 2022-08-01T17:48:33Z logger.go:66:               + podTemplate                   = {
TestTerraformConfluentPlatformSinglenodeExample 2022-08-01T17:48:33Z logger.go:66:                   + affinity                      = {
TestTerraformConfluentPlatformSinglenodeExample 2022-08-01T17:48:33Z logger.go:66:                       + nodeAffinity    = {
TestTerraformConfluentPlatformSinglenodeExample 2022-08-01T17:48:33Z logger.go:66:                           + preferredDuringSchedulingIgnoredDuringExecution = (known after apply)
TestTerraformConfluentPlatformSinglenodeExample 2022-08-01T17:48:33Z logger.go:66:                           + requiredDuringSchedulingIgnoredDuringExecution  = {
TestTerraformConfluentPlatformSinglenodeExample 2022-08-01T17:48:33Z logger.go:66:                               + nodeSelectorTerms = (known after apply)
TestTerraformConfluentPlatformSinglenodeExample 2022-08-01T17:48:33Z logger.go:66:                             }
TestTerraformConfluentPlatformSinglenodeExample 2022-08-01T17:48:33Z logger.go:66:                         }
TestTerraformConfluentPlatformSinglenodeExample 2022-08-01T17:48:33Z logger.go:66:                       + podAffinity     = {
TestTerraformConfluentPlatformSinglenodeExample 2022-08-01T17:48:33Z logger.go:66:                           + preferredDuringSchedulingIgnoredDuringExecution = (known after apply)
TestTerraformConfluentPlatformSinglenodeExample 2022-08-01T17:48:33Z logger.go:66:                           + requiredDuringSchedulingIgnoredDuringExecution  = (known after apply)
TestTerraformConfluentPlatformSinglenodeExample 2022-08-01T17:48:33Z logger.go:66:                         }
TestTerraformConfluentPlatformSinglenodeExample 2022-08-01T17:48:33Z logger.go:66:                       + podAntiAffinity = {
TestTerraformConfluentPlatformSinglenodeExample 2022-08-01T17:48:33Z logger.go:66:                           + preferredDuringSchedulingIgnoredDuringExecution = (known after apply)
TestTerraformConfluentPlatformSinglenodeExample 2022-08-01T17:48:33Z logger.go:66:                           + requiredDuringSchedulingIgnoredDuringExecution  = (known after apply)
TestTerraformConfluentPlatformSinglenodeExample 2022-08-01T17:48:33Z logger.go:66:                         }
TestTerraformConfluentPlatformSinglenodeExample 2022-08-01T17:48:33Z logger.go:66:                     }
TestTerraformConfluentPlatformSinglenodeExample 2022-08-01T17:48:33Z logger.go:66:                   + annotations                   = (known after apply)
TestTerraformConfluentPlatformSinglenodeExample 2022-08-01T17:48:33Z logger.go:66:                   + envVars                       = (known after apply)
TestTerraformConfluentPlatformSinglenodeExample 2022-08-01T17:48:33Z logger.go:66:                   + labels                        = (known after apply)
TestTerraformConfluentPlatformSinglenodeExample 2022-08-01T17:48:33Z logger.go:66:                   + podSecurityContext            = {
TestTerraformConfluentPlatformSinglenodeExample 2022-08-01T17:48:33Z logger.go:66:                       + fsGroup             = 1000
TestTerraformConfluentPlatformSinglenodeExample 2022-08-01T17:48:33Z logger.go:66:                       + fsGroupChangePolicy = (known after apply)
TestTerraformConfluentPlatformSinglenodeExample 2022-08-01T17:48:33Z logger.go:66:                       + runAsGroup          = (known after apply)
TestTerraformConfluentPlatformSinglenodeExample 2022-08-01T17:48:33Z logger.go:66:                       + runAsNonRoot        = true
TestTerraformConfluentPlatformSinglenodeExample 2022-08-01T17:48:33Z logger.go:66:                       + runAsUser           = 1000
TestTerraformConfluentPlatformSinglenodeExample 2022-08-01T17:48:33Z logger.go:66:                       + seLinuxOptions      = {
TestTerraformConfluentPlatformSinglenodeExample 2022-08-01T17:48:33Z logger.go:66:                           + level = (known after apply)
TestTerraformConfluentPlatformSinglenodeExample 2022-08-01T17:48:33Z logger.go:66:                           + role  = (known after apply)
TestTerraformConfluentPlatformSinglenodeExample 2022-08-01T17:48:33Z logger.go:66:                           + type  = (known after apply)
TestTerraformConfluentPlatformSinglenodeExample 2022-08-01T17:48:33Z logger.go:66:                           + user  = (known after apply)
TestTerraformConfluentPlatformSinglenodeExample 2022-08-01T17:48:33Z logger.go:66:                         }
TestTerraformConfluentPlatformSinglenodeExample 2022-08-01T17:48:33Z logger.go:66:                       + seccompProfile      = {
TestTerraformConfluentPlatformSinglenodeExample 2022-08-01T17:48:33Z logger.go:66:                           + localhostProfile = (known after apply)
TestTerraformConfluentPlatformSinglenodeExample 2022-08-01T17:48:33Z logger.go:66:                           + type             = (known after apply)
TestTerraformConfluentPlatformSinglenodeExample 2022-08-01T17:48:33Z logger.go:66:                         }
TestTerraformConfluentPlatformSinglenodeExample 2022-08-01T17:48:33Z logger.go:66:                       + supplementalGroups  = (known after apply)
TestTerraformConfluentPlatformSinglenodeExample 2022-08-01T17:48:33Z logger.go:66:                       + sysctls             = (known after apply)
TestTerraformConfluentPlatformSinglenodeExample 2022-08-01T17:48:33Z logger.go:66:                       + windowsOptions      = {
TestTerraformConfluentPlatformSinglenodeExample 2022-08-01T17:48:33Z logger.go:66:                           + gmsaCredentialSpec     = (known after apply)
TestTerraformConfluentPlatformSinglenodeExample 2022-08-01T17:48:33Z logger.go:66:                           + gmsaCredentialSpecName = (known after apply)
TestTerraformConfluentPlatformSinglenodeExample 2022-08-01T17:48:33Z logger.go:66:                           + hostProcess            = (known after apply)
TestTerraformConfluentPlatformSinglenodeExample 2022-08-01T17:48:33Z logger.go:66:                           + runAsUserName          = (known after apply)
TestTerraformConfluentPlatformSinglenodeExample 2022-08-01T17:48:33Z logger.go:66:                         }
TestTerraformConfluentPlatformSinglenodeExample 2022-08-01T17:48:33Z logger.go:66:                     }
TestTerraformConfluentPlatformSinglenodeExample 2022-08-01T17:48:33Z logger.go:66:                   + priorityClassName             = (known after apply)
TestTerraformConfluentPlatformSinglenodeExample 2022-08-01T17:48:33Z logger.go:66:                   + probe                         = {
TestTerraformConfluentPlatformSinglenodeExample 2022-08-01T17:48:33Z logger.go:66:                       + liveness  = {
TestTerraformConfluentPlatformSinglenodeExample 2022-08-01T17:48:33Z logger.go:66:                           + failureThreshold    = 5
TestTerraformConfluentPlatformSinglenodeExample 2022-08-01T17:48:33Z logger.go:66:                           + initialDelaySeconds = (known after apply)
TestTerraformConfluentPlatformSinglenodeExample 2022-08-01T17:48:33Z logger.go:66:                           + periodSeconds       = 10
TestTerraformConfluentPlatformSinglenodeExample 2022-08-01T17:48:33Z logger.go:66:                           + successThreshold    = (known after apply)
TestTerraformConfluentPlatformSinglenodeExample 2022-08-01T17:48:33Z logger.go:66:                           + timeoutSeconds      = 500
TestTerraformConfluentPlatformSinglenodeExample 2022-08-01T17:48:33Z logger.go:66:                         }
TestTerraformConfluentPlatformSinglenodeExample 2022-08-01T17:48:33Z logger.go:66:                       + readiness = {
TestTerraformConfluentPlatformSinglenodeExample 2022-08-01T17:48:33Z logger.go:66:                           + failureThreshold    = (known after apply)
TestTerraformConfluentPlatformSinglenodeExample 2022-08-01T17:48:33Z logger.go:66:                           + initialDelaySeconds = (known after apply)
TestTerraformConfluentPlatformSinglenodeExample 2022-08-01T17:48:33Z logger.go:66:                           + periodSeconds       = (known after apply)
TestTerraformConfluentPlatformSinglenodeExample 2022-08-01T17:48:33Z logger.go:66:                           + successThreshold    = (known after apply)
TestTerraformConfluentPlatformSinglenodeExample 2022-08-01T17:48:33Z logger.go:66:                           + timeoutSeconds      = (known after apply)
TestTerraformConfluentPlatformSinglenodeExample 2022-08-01T17:48:33Z logger.go:66:                         }
TestTerraformConfluentPlatformSinglenodeExample 2022-08-01T17:48:33Z logger.go:66:                     }
TestTerraformConfluentPlatformSinglenodeExample 2022-08-01T17:48:33Z logger.go:66:                   + resources                     = {
TestTerraformConfluentPlatformSinglenodeExample 2022-08-01T17:48:33Z logger.go:66:                       + limits   = (known after apply)
TestTerraformConfluentPlatformSinglenodeExample 2022-08-01T17:48:33Z logger.go:66:                       + requests = {
TestTerraformConfluentPlatformSinglenodeExample 2022-08-01T17:48:33Z logger.go:66:                           + "cpu"    = "500m"
TestTerraformConfluentPlatformSinglenodeExample 2022-08-01T17:48:33Z logger.go:66:                           + "memory" = "512Mi"
TestTerraformConfluentPlatformSinglenodeExample 2022-08-01T17:48:33Z logger.go:66:                         }
TestTerraformConfluentPlatformSinglenodeExample 2022-08-01T17:48:33Z logger.go:66:                     }
TestTerraformConfluentPlatformSinglenodeExample 2022-08-01T17:48:33Z logger.go:66:                   + securityContext               = {
TestTerraformConfluentPlatformSinglenodeExample 2022-08-01T17:48:33Z logger.go:66:                       + allowPrivilegeEscalation = (known after apply)
TestTerraformConfluentPlatformSinglenodeExample 2022-08-01T17:48:33Z logger.go:66:                       + capabilities             = {
TestTerraformConfluentPlatformSinglenodeExample 2022-08-01T17:48:33Z logger.go:66:                           + add  = (known after apply)
TestTerraformConfluentPlatformSinglenodeExample 2022-08-01T17:48:33Z logger.go:66:                           + drop = (known after apply)
TestTerraformConfluentPlatformSinglenodeExample 2022-08-01T17:48:33Z logger.go:66:                         }
TestTerraformConfluentPlatformSinglenodeExample 2022-08-01T17:48:33Z logger.go:66:                       + privileged               = (known after apply)
TestTerraformConfluentPlatformSinglenodeExample 2022-08-01T17:48:33Z logger.go:66:                       + procMount                = (known after apply)
TestTerraformConfluentPlatformSinglenodeExample 2022-08-01T17:48:33Z logger.go:66:                       + readOnlyRootFilesystem   = (known after apply)
TestTerraformConfluentPlatformSinglenodeExample 2022-08-01T17:48:33Z logger.go:66:                       + runAsGroup               = (known after apply)
TestTerraformConfluentPlatformSinglenodeExample 2022-08-01T17:48:33Z logger.go:66:                       + runAsNonRoot             = (known after apply)
TestTerraformConfluentPlatformSinglenodeExample 2022-08-01T17:48:33Z logger.go:66:                       + runAsUser                = (known after apply)
TestTerraformConfluentPlatformSinglenodeExample 2022-08-01T17:48:33Z logger.go:66:                       + seLinuxOptions           = {
TestTerraformConfluentPlatformSinglenodeExample 2022-08-01T17:48:33Z logger.go:66:                           + level = (known after apply)
TestTerraformConfluentPlatformSinglenodeExample 2022-08-01T17:48:33Z logger.go:66:                           + role  = (known after apply)
TestTerraformConfluentPlatformSinglenodeExample 2022-08-01T17:48:33Z logger.go:66:                           + type  = (known after apply)
TestTerraformConfluentPlatformSinglenodeExample 2022-08-01T17:48:33Z logger.go:66:                           + user  = (known after apply)
TestTerraformConfluentPlatformSinglenodeExample 2022-08-01T17:48:33Z logger.go:66:                         }
TestTerraformConfluentPlatformSinglenodeExample 2022-08-01T17:48:33Z logger.go:66:                       + seccompProfile           = {
TestTerraformConfluentPlatformSinglenodeExample 2022-08-01T17:48:33Z logger.go:66:                           + localhostProfile = (known after apply)
TestTerraformConfluentPlatformSinglenodeExample 2022-08-01T17:48:33Z logger.go:66:                           + type             = (known after apply)
TestTerraformConfluentPlatformSinglenodeExample 2022-08-01T17:48:33Z logger.go:66:                         }
TestTerraformConfluentPlatformSinglenodeExample 2022-08-01T17:48:33Z logger.go:66:                       + windowsOptions           = {
TestTerraformConfluentPlatformSinglenodeExample 2022-08-01T17:48:33Z logger.go:66:                           + gmsaCredentialSpec     = (known after apply)
TestTerraformConfluentPlatformSinglenodeExample 2022-08-01T17:48:33Z logger.go:66:                           + gmsaCredentialSpecName = (known after apply)
TestTerraformConfluentPlatformSinglenodeExample 2022-08-01T17:48:33Z logger.go:66:                           + hostProcess            = (known after apply)
TestTerraformConfluentPlatformSinglenodeExample 2022-08-01T17:48:33Z logger.go:66:                           + runAsUserName          = (known after apply)
TestTerraformConfluentPlatformSinglenodeExample 2022-08-01T17:48:33Z logger.go:66:                         }
TestTerraformConfluentPlatformSinglenodeExample 2022-08-01T17:48:33Z logger.go:66:                     }
TestTerraformConfluentPlatformSinglenodeExample 2022-08-01T17:48:33Z logger.go:66:                   + serviceAccountName            = (known after apply)
TestTerraformConfluentPlatformSinglenodeExample 2022-08-01T17:48:33Z logger.go:66:                   + terminationGracePeriodSeconds = (known after apply)
TestTerraformConfluentPlatformSinglenodeExample 2022-08-01T17:48:33Z logger.go:66:                   + tolerations                   = (known after apply)
TestTerraformConfluentPlatformSinglenodeExample 2022-08-01T17:48:33Z logger.go:66:                   + topologySpreadConstraints     = (known after apply)
TestTerraformConfluentPlatformSinglenodeExample 2022-08-01T17:48:33Z logger.go:66:                 }
TestTerraformConfluentPlatformSinglenodeExample 2022-08-01T17:48:33Z logger.go:66:               + replicas                      = 1
TestTerraformConfluentPlatformSinglenodeExample 2022-08-01T17:48:33Z logger.go:66:               + storageClass                  = {
TestTerraformConfluentPlatformSinglenodeExample 2022-08-01T17:48:33Z logger.go:66:                   + name = (known after apply)
TestTerraformConfluentPlatformSinglenodeExample 2022-08-01T17:48:33Z logger.go:66:                 }
TestTerraformConfluentPlatformSinglenodeExample 2022-08-01T17:48:33Z logger.go:66:               + telemetry                     = {
TestTerraformConfluentPlatformSinglenodeExample 2022-08-01T17:48:33Z logger.go:66:                   + global = (known after apply)
TestTerraformConfluentPlatformSinglenodeExample 2022-08-01T17:48:33Z logger.go:66:                 }
TestTerraformConfluentPlatformSinglenodeExample 2022-08-01T17:48:33Z logger.go:66:               + tls                           = {
TestTerraformConfluentPlatformSinglenodeExample 2022-08-01T17:48:33Z logger.go:66:                   + autoGeneratedCerts       = (known after apply)
TestTerraformConfluentPlatformSinglenodeExample 2022-08-01T17:48:33Z logger.go:66:                   + directoryPathInContainer = (known after apply)
TestTerraformConfluentPlatformSinglenodeExample 2022-08-01T17:48:33Z logger.go:66:                   + ignoreTrustStoreConfig   = (known after apply)
TestTerraformConfluentPlatformSinglenodeExample 2022-08-01T17:48:33Z logger.go:66:                   + jksPassword              = {
TestTerraformConfluentPlatformSinglenodeExample 2022-08-01T17:48:33Z logger.go:66:                       + secretRef = (known after apply)
TestTerraformConfluentPlatformSinglenodeExample 2022-08-01T17:48:33Z logger.go:66:                     }
TestTerraformConfluentPlatformSinglenodeExample 2022-08-01T17:48:33Z logger.go:66:                   + secretRef                = (known after apply)
TestTerraformConfluentPlatformSinglenodeExample 2022-08-01T17:48:33Z logger.go:66:                 }
TestTerraformConfluentPlatformSinglenodeExample 2022-08-01T17:48:33Z logger.go:66:             }
TestTerraformConfluentPlatformSinglenodeExample 2022-08-01T17:48:33Z logger.go:66:         }
TestTerraformConfluentPlatformSinglenodeExample 2022-08-01T17:48:33Z logger.go:66:
TestTerraformConfluentPlatformSinglenodeExample 2022-08-01T17:48:33Z logger.go:66:       + timeouts {
TestTerraformConfluentPlatformSinglenodeExample 2022-08-01T17:48:33Z logger.go:66:           + create = "1h"
TestTerraformConfluentPlatformSinglenodeExample 2022-08-01T17:48:33Z logger.go:66:           + delete = "10m"
TestTerraformConfluentPlatformSinglenodeExample 2022-08-01T17:48:33Z logger.go:66:           + update = "1h"
TestTerraformConfluentPlatformSinglenodeExample 2022-08-01T17:48:33Z logger.go:66:         }
TestTerraformConfluentPlatformSinglenodeExample 2022-08-01T17:48:33Z logger.go:66:
TestTerraformConfluentPlatformSinglenodeExample 2022-08-01T17:48:33Z logger.go:66:       + wait {
TestTerraformConfluentPlatformSinglenodeExample 2022-08-01T17:48:33Z logger.go:66:           + fields = {
TestTerraformConfluentPlatformSinglenodeExample 2022-08-01T17:48:33Z logger.go:66:               + "status.phase" = "RUNNING"
TestTerraformConfluentPlatformSinglenodeExample 2022-08-01T17:48:33Z logger.go:66:             }
TestTerraformConfluentPlatformSinglenodeExample 2022-08-01T17:48:33Z logger.go:66:         }
TestTerraformConfluentPlatformSinglenodeExample 2022-08-01T17:48:33Z logger.go:66:     }
TestTerraformConfluentPlatformSinglenodeExample 2022-08-01T17:48:33Z logger.go:66:
TestTerraformConfluentPlatformSinglenodeExample 2022-08-01T17:48:33Z logger.go:66:   # module.confluent_platform_singlenode.kubernetes_manifest.components["kafka"] will be created
TestTerraformConfluentPlatformSinglenodeExample 2022-08-01T17:48:33Z logger.go:66:   + resource "kubernetes_manifest" "components" {
TestTerraformConfluentPlatformSinglenodeExample 2022-08-01T17:48:33Z logger.go:66:       + computed_fields = [
TestTerraformConfluentPlatformSinglenodeExample 2022-08-01T17:48:33Z logger.go:66:           + "metadata.finalizers",
TestTerraformConfluentPlatformSinglenodeExample 2022-08-01T17:48:33Z logger.go:66:         ]
TestTerraformConfluentPlatformSinglenodeExample 2022-08-01T17:48:33Z logger.go:66:       + manifest        = {
TestTerraformConfluentPlatformSinglenodeExample 2022-08-01T17:48:33Z logger.go:66:           + apiVersion = "platform.confluent.io/v1beta1"
TestTerraformConfluentPlatformSinglenodeExample 2022-08-01T17:48:33Z logger.go:66:           + kind       = "Kafka"
TestTerraformConfluentPlatformSinglenodeExample 2022-08-01T17:48:33Z logger.go:66:           + metadata   = {
TestTerraformConfluentPlatformSinglenodeExample 2022-08-01T17:48:33Z logger.go:66:               + name      = "kafka"
TestTerraformConfluentPlatformSinglenodeExample 2022-08-01T17:48:33Z logger.go:66:               + namespace = "confluent"
TestTerraformConfluentPlatformSinglenodeExample 2022-08-01T17:48:33Z logger.go:66:             }
TestTerraformConfluentPlatformSinglenodeExample 2022-08-01T17:48:33Z logger.go:66:           + spec       = {
TestTerraformConfluentPlatformSinglenodeExample 2022-08-01T17:48:33Z logger.go:66:               + configOverrides    = {
TestTerraformConfluentPlatformSinglenodeExample 2022-08-01T17:48:33Z logger.go:66:                   + server = [
TestTerraformConfluentPlatformSinglenodeExample 2022-08-01T17:48:33Z logger.go:66:                       + "confluent.license.topic.replication.factor=1",
TestTerraformConfluentPlatformSinglenodeExample 2022-08-01T17:48:33Z logger.go:66:                       + "confluent.metrics.reporter.topic.replicas=1",
TestTerraformConfluentPlatformSinglenodeExample 2022-08-01T17:48:33Z logger.go:66:                       + "confluent.tier.metadata.replication.factor=1",
TestTerraformConfluentPlatformSinglenodeExample 2022-08-01T17:48:33Z logger.go:66:                       + "confluent.metadata.topic.replication.factor=1",
TestTerraformConfluentPlatformSinglenodeExample 2022-08-01T17:48:33Z logger.go:66:                       + "confluent.balancer.topic.replication.factor=1",
TestTerraformConfluentPlatformSinglenodeExample 2022-08-01T17:48:33Z logger.go:66:                       + "confluent.security.event.logger.exporter.kafka.topic.replicas=1",
TestTerraformConfluentPlatformSinglenodeExample 2022-08-01T17:48:33Z logger.go:66:                       + "event.logger.exporter.kafka.topic.replicas=1",
TestTerraformConfluentPlatformSinglenodeExample 2022-08-01T17:48:33Z logger.go:66:                       + "offsets.topic.replication.factor=1",
TestTerraformConfluentPlatformSinglenodeExample 2022-08-01T17:48:33Z logger.go:66:                       + "confluent.cluster.link.enable=true",
TestTerraformConfluentPlatformSinglenodeExample 2022-08-01T17:48:33Z logger.go:66:                       + "password.encoder.secret=secret",
TestTerraformConfluentPlatformSinglenodeExample 2022-08-01T17:48:33Z logger.go:66:                     ]
TestTerraformConfluentPlatformSinglenodeExample 2022-08-01T17:48:33Z logger.go:66:                 }
TestTerraformConfluentPlatformSinglenodeExample 2022-08-01T17:48:33Z logger.go:66:               + dataVolumeCapacity = "10Gi"
TestTerraformConfluentPlatformSinglenodeExample 2022-08-01T17:48:33Z logger.go:66:               + image              = {
TestTerraformConfluentPlatformSinglenodeExample 2022-08-01T17:48:33Z logger.go:66:                   + application = "confluentinc/cp-server:7.2.0"
TestTerraformConfluentPlatformSinglenodeExample 2022-08-01T17:48:33Z logger.go:66:                   + init        = "confluentinc/confluent-init-container:2.4.0"
TestTerraformConfluentPlatformSinglenodeExample 2022-08-01T17:48:33Z logger.go:66:                 }
TestTerraformConfluentPlatformSinglenodeExample 2022-08-01T17:48:33Z logger.go:66:               + metricReporter     = {
TestTerraformConfluentPlatformSinglenodeExample 2022-08-01T17:48:33Z logger.go:66:                   + enabled = true
TestTerraformConfluentPlatformSinglenodeExample 2022-08-01T17:48:33Z logger.go:66:                 }
TestTerraformConfluentPlatformSinglenodeExample 2022-08-01T17:48:33Z logger.go:66:               + podTemplate        = {
TestTerraformConfluentPlatformSinglenodeExample 2022-08-01T17:48:33Z logger.go:66:                   + podSecurityContext = {
TestTerraformConfluentPlatformSinglenodeExample 2022-08-01T17:48:33Z logger.go:66:                       + fsGroup      = 1000
TestTerraformConfluentPlatformSinglenodeExample 2022-08-01T17:48:33Z logger.go:66:                       + runAsNonRoot = true
TestTerraformConfluentPlatformSinglenodeExample 2022-08-01T17:48:33Z logger.go:66:                       + runAsUser    = 1000
TestTerraformConfluentPlatformSinglenodeExample 2022-08-01T17:48:33Z logger.go:66:                     }
TestTerraformConfluentPlatformSinglenodeExample 2022-08-01T17:48:33Z logger.go:66:                   + resources          = {
TestTerraformConfluentPlatformSinglenodeExample 2022-08-01T17:48:33Z logger.go:66:                       + requests = {
TestTerraformConfluentPlatformSinglenodeExample 2022-08-01T17:48:33Z logger.go:66:                           + cpu    = "200m"
TestTerraformConfluentPlatformSinglenodeExample 2022-08-01T17:48:33Z logger.go:66:                           + memory = "512Mi"
TestTerraformConfluentPlatformSinglenodeExample 2022-08-01T17:48:33Z logger.go:66:                         }
TestTerraformConfluentPlatformSinglenodeExample 2022-08-01T17:48:33Z logger.go:66:                     }
TestTerraformConfluentPlatformSinglenodeExample 2022-08-01T17:48:33Z logger.go:66:                 }
TestTerraformConfluentPlatformSinglenodeExample 2022-08-01T17:48:33Z logger.go:66:               + replicas           = 1
TestTerraformConfluentPlatformSinglenodeExample 2022-08-01T17:48:33Z logger.go:66:             }
TestTerraformConfluentPlatformSinglenodeExample 2022-08-01T17:48:33Z logger.go:66:         }
TestTerraformConfluentPlatformSinglenodeExample 2022-08-01T17:48:33Z logger.go:66:       + object          = {
TestTerraformConfluentPlatformSinglenodeExample 2022-08-01T17:48:33Z logger.go:66:           + apiVersion = "platform.confluent.io/v1beta1"
TestTerraformConfluentPlatformSinglenodeExample 2022-08-01T17:48:33Z logger.go:66:           + kind       = "Kafka"
TestTerraformConfluentPlatformSinglenodeExample 2022-08-01T17:48:33Z logger.go:66:           + metadata   = {
TestTerraformConfluentPlatformSinglenodeExample 2022-08-01T17:48:33Z logger.go:66:               + annotations                = (known after apply)
TestTerraformConfluentPlatformSinglenodeExample 2022-08-01T17:48:33Z logger.go:66:               + clusterName                = (known after apply)
TestTerraformConfluentPlatformSinglenodeExample 2022-08-01T17:48:33Z logger.go:66:               + creationTimestamp          = (known after apply)
TestTerraformConfluentPlatformSinglenodeExample 2022-08-01T17:48:33Z logger.go:66:               + deletionGracePeriodSeconds = (known after apply)
TestTerraformConfluentPlatformSinglenodeExample 2022-08-01T17:48:33Z logger.go:66:               + deletionTimestamp          = (known after apply)
TestTerraformConfluentPlatformSinglenodeExample 2022-08-01T17:48:33Z logger.go:66:               + finalizers                 = (known after apply)
TestTerraformConfluentPlatformSinglenodeExample 2022-08-01T17:48:33Z logger.go:66:               + generateName               = (known after apply)
TestTerraformConfluentPlatformSinglenodeExample 2022-08-01T17:48:33Z logger.go:66:               + generation                 = (known after apply)
TestTerraformConfluentPlatformSinglenodeExample 2022-08-01T17:48:33Z logger.go:66:               + labels                     = (known after apply)
TestTerraformConfluentPlatformSinglenodeExample 2022-08-01T17:48:33Z logger.go:66:               + managedFields              = (known after apply)
TestTerraformConfluentPlatformSinglenodeExample 2022-08-01T17:48:33Z logger.go:66:               + name                       = "kafka"
TestTerraformConfluentPlatformSinglenodeExample 2022-08-01T17:48:33Z logger.go:66:               + namespace                  = "confluent"
TestTerraformConfluentPlatformSinglenodeExample 2022-08-01T17:48:33Z logger.go:66:               + ownerReferences            = (known after apply)
TestTerraformConfluentPlatformSinglenodeExample 2022-08-01T17:48:33Z logger.go:66:               + resourceVersion            = (known after apply)
TestTerraformConfluentPlatformSinglenodeExample 2022-08-01T17:48:33Z logger.go:66:               + selfLink                   = (known after apply)
TestTerraformConfluentPlatformSinglenodeExample 2022-08-01T17:48:33Z logger.go:66:               + uid                        = (known after apply)
TestTerraformConfluentPlatformSinglenodeExample 2022-08-01T17:48:33Z logger.go:66:             }
TestTerraformConfluentPlatformSinglenodeExample 2022-08-01T17:48:33Z logger.go:66:           + spec       = {
TestTerraformConfluentPlatformSinglenodeExample 2022-08-01T17:48:33Z logger.go:66:               + authorization      = {
TestTerraformConfluentPlatformSinglenodeExample 2022-08-01T17:48:33Z logger.go:66:                   + superUsers = (known after apply)
TestTerraformConfluentPlatformSinglenodeExample 2022-08-01T17:48:33Z logger.go:66:                   + type       = (known after apply)
TestTerraformConfluentPlatformSinglenodeExample 2022-08-01T17:48:33Z logger.go:66:                 }
TestTerraformConfluentPlatformSinglenodeExample 2022-08-01T17:48:33Z logger.go:66:               + configOverrides    = {
TestTerraformConfluentPlatformSinglenodeExample 2022-08-01T17:48:33Z logger.go:66:                   + jvm    = (known after apply)
TestTerraformConfluentPlatformSinglenodeExample 2022-08-01T17:48:33Z logger.go:66:                   + log4j  = (known after apply)
TestTerraformConfluentPlatformSinglenodeExample 2022-08-01T17:48:33Z logger.go:66:                   + server = [
TestTerraformConfluentPlatformSinglenodeExample 2022-08-01T17:48:33Z logger.go:66:                       + "confluent.license.topic.replication.factor=1",
TestTerraformConfluentPlatformSinglenodeExample 2022-08-01T17:48:33Z logger.go:66:                       + "confluent.metrics.reporter.topic.replicas=1",
TestTerraformConfluentPlatformSinglenodeExample 2022-08-01T17:48:33Z logger.go:66:                       + "confluent.tier.metadata.replication.factor=1",
TestTerraformConfluentPlatformSinglenodeExample 2022-08-01T17:48:33Z logger.go:66:                       + "confluent.metadata.topic.replication.factor=1",
TestTerraformConfluentPlatformSinglenodeExample 2022-08-01T17:48:33Z logger.go:66:                       + "confluent.balancer.topic.replication.factor=1",
TestTerraformConfluentPlatformSinglenodeExample 2022-08-01T17:48:33Z logger.go:66:                       + "confluent.security.event.logger.exporter.kafka.topic.replicas=1",
TestTerraformConfluentPlatformSinglenodeExample 2022-08-01T17:48:33Z logger.go:66:                       + "event.logger.exporter.kafka.topic.replicas=1",
TestTerraformConfluentPlatformSinglenodeExample 2022-08-01T17:48:33Z logger.go:66:                       + "offsets.topic.replication.factor=1",
TestTerraformConfluentPlatformSinglenodeExample 2022-08-01T17:48:33Z logger.go:66:                       + "confluent.cluster.link.enable=true",
TestTerraformConfluentPlatformSinglenodeExample 2022-08-01T17:48:33Z logger.go:66:                       + "password.encoder.secret=secret",
TestTerraformConfluentPlatformSinglenodeExample 2022-08-01T17:48:33Z logger.go:66:                     ]
TestTerraformConfluentPlatformSinglenodeExample 2022-08-01T17:48:33Z logger.go:66:                 }
TestTerraformConfluentPlatformSinglenodeExample 2022-08-01T17:48:33Z logger.go:66:               + dataVolumeCapacity = "10Gi"
TestTerraformConfluentPlatformSinglenodeExample 2022-08-01T17:48:33Z logger.go:66:               + dependencies       = {
TestTerraformConfluentPlatformSinglenodeExample 2022-08-01T17:48:33Z logger.go:66:                   + kafkaRest      = {
TestTerraformConfluentPlatformSinglenodeExample 2022-08-01T17:48:33Z logger.go:66:                       + authentication    = {
TestTerraformConfluentPlatformSinglenodeExample 2022-08-01T17:48:33Z logger.go:66:                           + bearer                = {
TestTerraformConfluentPlatformSinglenodeExample 2022-08-01T17:48:33Z logger.go:66:                               + directoryPathInContainer = (known after apply)
TestTerraformConfluentPlatformSinglenodeExample 2022-08-01T17:48:33Z logger.go:66:                               + secretRef                = (known after apply)
TestTerraformConfluentPlatformSinglenodeExample 2022-08-01T17:48:33Z logger.go:66:                             }
TestTerraformConfluentPlatformSinglenodeExample 2022-08-01T17:48:33Z logger.go:66:                           + jaasConfig            = {
TestTerraformConfluentPlatformSinglenodeExample 2022-08-01T17:48:33Z logger.go:66:                               + secretRef = (known after apply)
TestTerraformConfluentPlatformSinglenodeExample 2022-08-01T17:48:33Z logger.go:66:                             }
TestTerraformConfluentPlatformSinglenodeExample 2022-08-01T17:48:33Z logger.go:66:                           + jaasConfigPassThrough = {
TestTerraformConfluentPlatformSinglenodeExample 2022-08-01T17:48:33Z logger.go:66:                               + directoryPathInContainer = (known after apply)
TestTerraformConfluentPlatformSinglenodeExample 2022-08-01T17:48:33Z logger.go:66:                               + secretRef                = (known after apply)
TestTerraformConfluentPlatformSinglenodeExample 2022-08-01T17:48:33Z logger.go:66:                             }
TestTerraformConfluentPlatformSinglenodeExample 2022-08-01T17:48:33Z logger.go:66:                           + oauthbearer           = {
TestTerraformConfluentPlatformSinglenodeExample 2022-08-01T17:48:33Z logger.go:66:                               + directoryPathInContainer = (known after apply)
TestTerraformConfluentPlatformSinglenodeExample 2022-08-01T17:48:33Z logger.go:66:                               + secretRef                = (known after apply)
TestTerraformConfluentPlatformSinglenodeExample 2022-08-01T17:48:33Z logger.go:66:                             }
TestTerraformConfluentPlatformSinglenodeExample 2022-08-01T17:48:33Z logger.go:66:                           + type                  = (known after apply)
TestTerraformConfluentPlatformSinglenodeExample 2022-08-01T17:48:33Z logger.go:66:                         }
TestTerraformConfluentPlatformSinglenodeExample 2022-08-01T17:48:33Z logger.go:66:                       + bootstrapEndpoint = (known after apply)
TestTerraformConfluentPlatformSinglenodeExample 2022-08-01T17:48:33Z logger.go:66:                       + endpoint          = (known after apply)
TestTerraformConfluentPlatformSinglenodeExample 2022-08-01T17:48:33Z logger.go:66:                       + tls               = {
TestTerraformConfluentPlatformSinglenodeExample 2022-08-01T17:48:33Z logger.go:66:                           + directoryPathInContainer = (known after apply)
TestTerraformConfluentPlatformSinglenodeExample 2022-08-01T17:48:33Z logger.go:66:                           + enabled                  = (known after apply)
TestTerraformConfluentPlatformSinglenodeExample 2022-08-01T17:48:33Z logger.go:66:                           + ignoreTrustStoreConfig   = (known after apply)
TestTerraformConfluentPlatformSinglenodeExample 2022-08-01T17:48:33Z logger.go:66:                           + jksPassword              = {
TestTerraformConfluentPlatformSinglenodeExample 2022-08-01T17:48:33Z logger.go:66:                               + secretRef = (known after apply)
TestTerraformConfluentPlatformSinglenodeExample 2022-08-01T17:48:33Z logger.go:66:                             }
TestTerraformConfluentPlatformSinglenodeExample 2022-08-01T17:48:33Z logger.go:66:                           + secretRef                = (known after apply)
TestTerraformConfluentPlatformSinglenodeExample 2022-08-01T17:48:33Z logger.go:66:                         }
TestTerraformConfluentPlatformSinglenodeExample 2022-08-01T17:48:33Z logger.go:66:                     }
TestTerraformConfluentPlatformSinglenodeExample 2022-08-01T17:48:33Z logger.go:66:                   + mds            = {
TestTerraformConfluentPlatformSinglenodeExample 2022-08-01T17:48:33Z logger.go:66:                       + endpoint     = (known after apply)
TestTerraformConfluentPlatformSinglenodeExample 2022-08-01T17:48:33Z logger.go:66:                       + kafka        = {
TestTerraformConfluentPlatformSinglenodeExample 2022-08-01T17:48:33Z logger.go:66:                           + authentication    = {
TestTerraformConfluentPlatformSinglenodeExample 2022-08-01T17:48:33Z logger.go:66:                               + jaasConfig            = {
TestTerraformConfluentPlatformSinglenodeExample 2022-08-01T17:48:33Z logger.go:66:                                   + secretRef = (known after apply)
TestTerraformConfluentPlatformSinglenodeExample 2022-08-01T17:48:33Z logger.go:66:                                 }
TestTerraformConfluentPlatformSinglenodeExample 2022-08-01T17:48:33Z logger.go:66:                               + jaasConfigPassThrough = {
TestTerraformConfluentPlatformSinglenodeExample 2022-08-01T17:48:33Z logger.go:66:                                   + directoryPathInContainer = (known after apply)
TestTerraformConfluentPlatformSinglenodeExample 2022-08-01T17:48:33Z logger.go:66:                                   + secretRef                = (known after apply)
TestTerraformConfluentPlatformSinglenodeExample 2022-08-01T17:48:33Z logger.go:66:                                 }
TestTerraformConfluentPlatformSinglenodeExample 2022-08-01T17:48:33Z logger.go:66:                               + oauthbearer           = {
TestTerraformConfluentPlatformSinglenodeExample 2022-08-01T17:48:33Z logger.go:66:                                   + directoryPathInContainer = (known after apply)
TestTerraformConfluentPlatformSinglenodeExample 2022-08-01T17:48:33Z logger.go:66:                                   + secretRef                = (known after apply)
TestTerraformConfluentPlatformSinglenodeExample 2022-08-01T17:48:33Z logger.go:66:                                 }
TestTerraformConfluentPlatformSinglenodeExample 2022-08-01T17:48:33Z logger.go:66:                               + type                  = (known after apply)
TestTerraformConfluentPlatformSinglenodeExample 2022-08-01T17:48:33Z logger.go:66:                             }
TestTerraformConfluentPlatformSinglenodeExample 2022-08-01T17:48:33Z logger.go:66:                           + bootstrapEndpoint = (known after apply)
TestTerraformConfluentPlatformSinglenodeExample 2022-08-01T17:48:33Z logger.go:66:                           + discovery         = {
TestTerraformConfluentPlatformSinglenodeExample 2022-08-01T17:48:33Z logger.go:66:                               + name      = (known after apply)
TestTerraformConfluentPlatformSinglenodeExample 2022-08-01T17:48:33Z logger.go:66:                               + namespace = (known after apply)
TestTerraformConfluentPlatformSinglenodeExample 2022-08-01T17:48:33Z logger.go:66:                               + secretRef = (known after apply)
TestTerraformConfluentPlatformSinglenodeExample 2022-08-01T17:48:33Z logger.go:66:                             }
TestTerraformConfluentPlatformSinglenodeExample 2022-08-01T17:48:33Z logger.go:66:                           + tls               = {
TestTerraformConfluentPlatformSinglenodeExample 2022-08-01T17:48:33Z logger.go:66:                               + directoryPathInContainer = (known after apply)
TestTerraformConfluentPlatformSinglenodeExample 2022-08-01T17:48:33Z logger.go:66:                               + enabled                  = (known after apply)
TestTerraformConfluentPlatformSinglenodeExample 2022-08-01T17:48:33Z logger.go:66:                               + ignoreTrustStoreConfig   = (known after apply)
TestTerraformConfluentPlatformSinglenodeExample 2022-08-01T17:48:33Z logger.go:66:                               + jksPassword              = {
TestTerraformConfluentPlatformSinglenodeExample 2022-08-01T17:48:33Z logger.go:66:                                   + secretRef = (known after apply)
TestTerraformConfluentPlatformSinglenodeExample 2022-08-01T17:48:33Z logger.go:66:                                 }
TestTerraformConfluentPlatformSinglenodeExample 2022-08-01T17:48:33Z logger.go:66:                               + secretRef                = (known after apply)
TestTerraformConfluentPlatformSinglenodeExample 2022-08-01T17:48:33Z logger.go:66:                             }
TestTerraformConfluentPlatformSinglenodeExample 2022-08-01T17:48:33Z logger.go:66:                         }
TestTerraformConfluentPlatformSinglenodeExample 2022-08-01T17:48:33Z logger.go:66:                       + tls          = {
TestTerraformConfluentPlatformSinglenodeExample 2022-08-01T17:48:33Z logger.go:66:                           + directoryPathInContainer = (known after apply)
TestTerraformConfluentPlatformSinglenodeExample 2022-08-01T17:48:33Z logger.go:66:                           + enabled                  = (known after apply)
TestTerraformConfluentPlatformSinglenodeExample 2022-08-01T17:48:33Z logger.go:66:                           + ignoreTrustStoreConfig   = (known after apply)
TestTerraformConfluentPlatformSinglenodeExample 2022-08-01T17:48:33Z logger.go:66:                           + jksPassword              = {
TestTerraformConfluentPlatformSinglenodeExample 2022-08-01T17:48:33Z logger.go:66:                               + secretRef = (known after apply)
TestTerraformConfluentPlatformSinglenodeExample 2022-08-01T17:48:33Z logger.go:66:                             }
TestTerraformConfluentPlatformSinglenodeExample 2022-08-01T17:48:33Z logger.go:66:                           + secretRef                = (known after apply)
TestTerraformConfluentPlatformSinglenodeExample 2022-08-01T17:48:33Z logger.go:66:                         }
TestTerraformConfluentPlatformSinglenodeExample 2022-08-01T17:48:33Z logger.go:66:                       + tokenKeyPair = {
TestTerraformConfluentPlatformSinglenodeExample 2022-08-01T17:48:33Z logger.go:66:                           + directoryPathInContainer = (known after apply)
TestTerraformConfluentPlatformSinglenodeExample 2022-08-01T17:48:33Z logger.go:66:                           + secretRef                = (known after apply)
TestTerraformConfluentPlatformSinglenodeExample 2022-08-01T17:48:33Z logger.go:66:                         }
TestTerraformConfluentPlatformSinglenodeExample 2022-08-01T17:48:33Z logger.go:66:                     }
TestTerraformConfluentPlatformSinglenodeExample 2022-08-01T17:48:33Z logger.go:66:                   + schemaRegistry = {
TestTerraformConfluentPlatformSinglenodeExample 2022-08-01T17:48:33Z logger.go:66:                       + authentication = {
TestTerraformConfluentPlatformSinglenodeExample 2022-08-01T17:48:33Z logger.go:66:                           + basic = {
TestTerraformConfluentPlatformSinglenodeExample 2022-08-01T17:48:33Z logger.go:66:                               + debug                    = (known after apply)
TestTerraformConfluentPlatformSinglenodeExample 2022-08-01T17:48:33Z logger.go:66:                               + directoryPathInContainer = (known after apply)
TestTerraformConfluentPlatformSinglenodeExample 2022-08-01T17:48:33Z logger.go:66:                               + restrictedRoles          = (known after apply)
TestTerraformConfluentPlatformSinglenodeExample 2022-08-01T17:48:33Z logger.go:66:                               + roles                    = (known after apply)
TestTerraformConfluentPlatformSinglenodeExample 2022-08-01T17:48:33Z logger.go:66:                               + secretRef                = (known after apply)
TestTerraformConfluentPlatformSinglenodeExample 2022-08-01T17:48:33Z logger.go:66:                             }
TestTerraformConfluentPlatformSinglenodeExample 2022-08-01T17:48:33Z logger.go:66:                           + type  = (known after apply)
TestTerraformConfluentPlatformSinglenodeExample 2022-08-01T17:48:33Z logger.go:66:                         }
TestTerraformConfluentPlatformSinglenodeExample 2022-08-01T17:48:33Z logger.go:66:                       + tls            = {
TestTerraformConfluentPlatformSinglenodeExample 2022-08-01T17:48:33Z logger.go:66:                           + directoryPathInContainer = (known after apply)
TestTerraformConfluentPlatformSinglenodeExample 2022-08-01T17:48:33Z logger.go:66:                           + enabled                  = (known after apply)
TestTerraformConfluentPlatformSinglenodeExample 2022-08-01T17:48:33Z logger.go:66:                           + ignoreTrustStoreConfig   = (known after apply)
TestTerraformConfluentPlatformSinglenodeExample 2022-08-01T17:48:33Z logger.go:66:                           + jksPassword              = {
TestTerraformConfluentPlatformSinglenodeExample 2022-08-01T17:48:33Z logger.go:66:                               + secretRef = (known after apply)
TestTerraformConfluentPlatformSinglenodeExample 2022-08-01T17:48:33Z logger.go:66:                             }
TestTerraformConfluentPlatformSinglenodeExample 2022-08-01T17:48:33Z logger.go:66:                           + secretRef                = (known after apply)
TestTerraformConfluentPlatformSinglenodeExample 2022-08-01T17:48:33Z logger.go:66:                         }
TestTerraformConfluentPlatformSinglenodeExample 2022-08-01T17:48:33Z logger.go:66:                       + url            = (known after apply)
TestTerraformConfluentPlatformSinglenodeExample 2022-08-01T17:48:33Z logger.go:66:                     }
TestTerraformConfluentPlatformSinglenodeExample 2022-08-01T17:48:33Z logger.go:66:                   + zookeeper      = {
TestTerraformConfluentPlatformSinglenodeExample 2022-08-01T17:48:33Z logger.go:66:                       + authentication = {
TestTerraformConfluentPlatformSinglenodeExample 2022-08-01T17:48:33Z logger.go:66:                           + jaasConfig            = {
TestTerraformConfluentPlatformSinglenodeExample 2022-08-01T17:48:33Z logger.go:66:                               + secretRef = (known after apply)
TestTerraformConfluentPlatformSinglenodeExample 2022-08-01T17:48:33Z logger.go:66:                             }
TestTerraformConfluentPlatformSinglenodeExample 2022-08-01T17:48:33Z logger.go:66:                           + jaasConfigPassThrough = {
TestTerraformConfluentPlatformSinglenodeExample 2022-08-01T17:48:33Z logger.go:66:                               + directoryPathInContainer = (known after apply)
TestTerraformConfluentPlatformSinglenodeExample 2022-08-01T17:48:33Z logger.go:66:                               + secretRef                = (known after apply)
TestTerraformConfluentPlatformSinglenodeExample 2022-08-01T17:48:33Z logger.go:66:                             }
TestTerraformConfluentPlatformSinglenodeExample 2022-08-01T17:48:33Z logger.go:66:                           + oauthbearer           = {
TestTerraformConfluentPlatformSinglenodeExample 2022-08-01T17:48:33Z logger.go:66:                               + directoryPathInContainer = (known after apply)
TestTerraformConfluentPlatformSinglenodeExample 2022-08-01T17:48:33Z logger.go:66:                               + secretRef                = (known after apply)
TestTerraformConfluentPlatformSinglenodeExample 2022-08-01T17:48:33Z logger.go:66:                             }
TestTerraformConfluentPlatformSinglenodeExample 2022-08-01T17:48:33Z logger.go:66:                           + type                  = (known after apply)
TestTerraformConfluentPlatformSinglenodeExample 2022-08-01T17:48:33Z logger.go:66:                         }
TestTerraformConfluentPlatformSinglenodeExample 2022-08-01T17:48:33Z logger.go:66:                       + discovery      = {
TestTerraformConfluentPlatformSinglenodeExample 2022-08-01T17:48:33Z logger.go:66:                           + name      = (known after apply)
TestTerraformConfluentPlatformSinglenodeExample 2022-08-01T17:48:33Z logger.go:66:                           + namespace = (known after apply)
TestTerraformConfluentPlatformSinglenodeExample 2022-08-01T17:48:33Z logger.go:66:                           + secretRef = (known after apply)
TestTerraformConfluentPlatformSinglenodeExample 2022-08-01T17:48:33Z logger.go:66:                         }
TestTerraformConfluentPlatformSinglenodeExample 2022-08-01T17:48:33Z logger.go:66:                       + endpoint       = (known after apply)
TestTerraformConfluentPlatformSinglenodeExample 2022-08-01T17:48:33Z logger.go:66:                       + tls            = {
TestTerraformConfluentPlatformSinglenodeExample 2022-08-01T17:48:33Z logger.go:66:                           + directoryPathInContainer = (known after apply)
TestTerraformConfluentPlatformSinglenodeExample 2022-08-01T17:48:33Z logger.go:66:                           + enabled                  = (known after apply)
TestTerraformConfluentPlatformSinglenodeExample 2022-08-01T17:48:33Z logger.go:66:                           + ignoreTrustStoreConfig   = (known after apply)
TestTerraformConfluentPlatformSinglenodeExample 2022-08-01T17:48:33Z logger.go:66:                           + jksPassword              = {
TestTerraformConfluentPlatformSinglenodeExample 2022-08-01T17:48:33Z logger.go:66:                               + secretRef = (known after apply)
TestTerraformConfluentPlatformSinglenodeExample 2022-08-01T17:48:33Z logger.go:66:                             }
TestTerraformConfluentPlatformSinglenodeExample 2022-08-01T17:48:33Z logger.go:66:                           + secretRef                = (known after apply)
TestTerraformConfluentPlatformSinglenodeExample 2022-08-01T17:48:33Z logger.go:66:                         }
TestTerraformConfluentPlatformSinglenodeExample 2022-08-01T17:48:33Z logger.go:66:                     }
TestTerraformConfluentPlatformSinglenodeExample 2022-08-01T17:48:33Z logger.go:66:                 }
TestTerraformConfluentPlatformSinglenodeExample 2022-08-01T17:48:33Z logger.go:66:               + headlessService    = {
TestTerraformConfluentPlatformSinglenodeExample 2022-08-01T17:48:33Z logger.go:66:                   + annotations              = (known after apply)
TestTerraformConfluentPlatformSinglenodeExample 2022-08-01T17:48:33Z logger.go:66:                   + labels                   = (known after apply)
TestTerraformConfluentPlatformSinglenodeExample 2022-08-01T17:48:33Z logger.go:66:                   + publishNotReadyAddresses = (known after apply)
TestTerraformConfluentPlatformSinglenodeExample 2022-08-01T17:48:33Z logger.go:66:                 }
TestTerraformConfluentPlatformSinglenodeExample 2022-08-01T17:48:33Z logger.go:66:               + identityProvider   = {
TestTerraformConfluentPlatformSinglenodeExample 2022-08-01T17:48:33Z logger.go:66:                   + ldap = {
TestTerraformConfluentPlatformSinglenodeExample 2022-08-01T17:48:33Z logger.go:66:                       + address        = (known after apply)
TestTerraformConfluentPlatformSinglenodeExample 2022-08-01T17:48:33Z logger.go:66:                       + authentication = {
TestTerraformConfluentPlatformSinglenodeExample 2022-08-01T17:48:33Z logger.go:66:                           + simple = {
TestTerraformConfluentPlatformSinglenodeExample 2022-08-01T17:48:33Z logger.go:66:                               + directoryPathInContainer = (known after apply)
TestTerraformConfluentPlatformSinglenodeExample 2022-08-01T17:48:33Z logger.go:66:                               + secretRef                = (known after apply)
TestTerraformConfluentPlatformSinglenodeExample 2022-08-01T17:48:33Z logger.go:66:                             }
TestTerraformConfluentPlatformSinglenodeExample 2022-08-01T17:48:33Z logger.go:66:                           + type   = (known after apply)
TestTerraformConfluentPlatformSinglenodeExample 2022-08-01T17:48:33Z logger.go:66:                         }
TestTerraformConfluentPlatformSinglenodeExample 2022-08-01T17:48:33Z logger.go:66:                       + configurations = {
TestTerraformConfluentPlatformSinglenodeExample 2022-08-01T17:48:33Z logger.go:66:                           + groupMemberAttribute         = (known after apply)
TestTerraformConfluentPlatformSinglenodeExample 2022-08-01T17:48:33Z logger.go:66:                           + groupMemberAttributePattern  = (known after apply)
TestTerraformConfluentPlatformSinglenodeExample 2022-08-01T17:48:33Z logger.go:66:                           + groupNameAttribute           = (known after apply)
TestTerraformConfluentPlatformSinglenodeExample 2022-08-01T17:48:33Z logger.go:66:                           + groupObjectClass             = (known after apply)
TestTerraformConfluentPlatformSinglenodeExample 2022-08-01T17:48:33Z logger.go:66:                           + groupSearchBase              = (known after apply)
TestTerraformConfluentPlatformSinglenodeExample 2022-08-01T17:48:33Z logger.go:66:                           + groupSearchFilter            = (known after apply)
TestTerraformConfluentPlatformSinglenodeExample 2022-08-01T17:48:33Z logger.go:66:                           + groupSearchScope             = (known after apply)
TestTerraformConfluentPlatformSinglenodeExample 2022-08-01T17:48:33Z logger.go:66:                           + userMemberOfAttributePattern = (known after apply)
TestTerraformConfluentPlatformSinglenodeExample 2022-08-01T17:48:33Z logger.go:66:                           + userNameAttribute            = (known after apply)
TestTerraformConfluentPlatformSinglenodeExample 2022-08-01T17:48:33Z logger.go:66:                           + userObjectClass              = (known after apply)
TestTerraformConfluentPlatformSinglenodeExample 2022-08-01T17:48:33Z logger.go:66:                           + userSearchBase               = (known after apply)
TestTerraformConfluentPlatformSinglenodeExample 2022-08-01T17:48:33Z logger.go:66:                           + userSearchFilter             = (known after apply)
TestTerraformConfluentPlatformSinglenodeExample 2022-08-01T17:48:33Z logger.go:66:                           + userSearchScope              = (known after apply)
TestTerraformConfluentPlatformSinglenodeExample 2022-08-01T17:48:33Z logger.go:66:                         }
TestTerraformConfluentPlatformSinglenodeExample 2022-08-01T17:48:33Z logger.go:66:                       + tls            = {
TestTerraformConfluentPlatformSinglenodeExample 2022-08-01T17:48:33Z logger.go:66:                           + directoryPathInContainer = (known after apply)
TestTerraformConfluentPlatformSinglenodeExample 2022-08-01T17:48:33Z logger.go:66:                           + enabled                  = (known after apply)
TestTerraformConfluentPlatformSinglenodeExample 2022-08-01T17:48:33Z logger.go:66:                           + ignoreTrustStoreConfig   = (known after apply)
TestTerraformConfluentPlatformSinglenodeExample 2022-08-01T17:48:33Z logger.go:66:                           + jksPassword              = {
TestTerraformConfluentPlatformSinglenodeExample 2022-08-01T17:48:33Z logger.go:66:                               + secretRef = (known after apply)
TestTerraformConfluentPlatformSinglenodeExample 2022-08-01T17:48:33Z logger.go:66:                             }
TestTerraformConfluentPlatformSinglenodeExample 2022-08-01T17:48:33Z logger.go:66:                           + secretRef                = (known after apply)
TestTerraformConfluentPlatformSinglenodeExample 2022-08-01T17:48:33Z logger.go:66:                         }
TestTerraformConfluentPlatformSinglenodeExample 2022-08-01T17:48:33Z logger.go:66:                     }
TestTerraformConfluentPlatformSinglenodeExample 2022-08-01T17:48:33Z logger.go:66:                   + type = (known after apply)
TestTerraformConfluentPlatformSinglenodeExample 2022-08-01T17:48:33Z logger.go:66:                 }
TestTerraformConfluentPlatformSinglenodeExample 2022-08-01T17:48:33Z logger.go:66:               + image              = {
TestTerraformConfluentPlatformSinglenodeExample 2022-08-01T17:48:33Z logger.go:66:                   + application   = "confluentinc/cp-server:7.2.0"
TestTerraformConfluentPlatformSinglenodeExample 2022-08-01T17:48:33Z logger.go:66:                   + init          = "confluentinc/confluent-init-container:2.4.0"
TestTerraformConfluentPlatformSinglenodeExample 2022-08-01T17:48:33Z logger.go:66:                   + pullPolicy    = (known after apply)
TestTerraformConfluentPlatformSinglenodeExample 2022-08-01T17:48:33Z logger.go:66:                   + pullSecretRef = (known after apply)
TestTerraformConfluentPlatformSinglenodeExample 2022-08-01T17:48:33Z logger.go:66:                 }
TestTerraformConfluentPlatformSinglenodeExample 2022-08-01T17:48:33Z logger.go:66:               + injectAnnotations  = (known after apply)
TestTerraformConfluentPlatformSinglenodeExample 2022-08-01T17:48:33Z logger.go:66:               + injectLabels       = (known after apply)
TestTerraformConfluentPlatformSinglenodeExample 2022-08-01T17:48:33Z logger.go:66:               + k8sClusterDomain   = (known after apply)
TestTerraformConfluentPlatformSinglenodeExample 2022-08-01T17:48:33Z logger.go:66:               + license            = {
TestTerraformConfluentPlatformSinglenodeExample 2022-08-01T17:48:33Z logger.go:66:                   + directoryPathInContainer = (known after apply)
TestTerraformConfluentPlatformSinglenodeExample 2022-08-01T17:48:33Z logger.go:66:                   + globalLicense            = (known after apply)
TestTerraformConfluentPlatformSinglenodeExample 2022-08-01T17:48:33Z logger.go:66:                   + secretRef                = (known after apply)
TestTerraformConfluentPlatformSinglenodeExample 2022-08-01T17:48:33Z logger.go:66:                 }
TestTerraformConfluentPlatformSinglenodeExample 2022-08-01T17:48:33Z logger.go:66:               + listeners          = {
TestTerraformConfluentPlatformSinglenodeExample 2022-08-01T17:48:33Z logger.go:66:                   + custom   = (known after apply)
TestTerraformConfluentPlatformSinglenodeExample 2022-08-01T17:48:33Z logger.go:66:                   + external = {
TestTerraformConfluentPlatformSinglenodeExample 2022-08-01T17:48:33Z logger.go:66:                       + authentication = {
TestTerraformConfluentPlatformSinglenodeExample 2022-08-01T17:48:33Z logger.go:66:                           + jaasConfig            = {
TestTerraformConfluentPlatformSinglenodeExample 2022-08-01T17:48:33Z logger.go:66:                               + secretRef = (known after apply)
TestTerraformConfluentPlatformSinglenodeExample 2022-08-01T17:48:33Z logger.go:66:                             }
TestTerraformConfluentPlatformSinglenodeExample 2022-08-01T17:48:33Z logger.go:66:                           + jaasConfigPassThrough = {
TestTerraformConfluentPlatformSinglenodeExample 2022-08-01T17:48:33Z logger.go:66:                               + directoryPathInContainer = (known after apply)
TestTerraformConfluentPlatformSinglenodeExample 2022-08-01T17:48:33Z logger.go:66:                               + secretRef                = (known after apply)
TestTerraformConfluentPlatformSinglenodeExample 2022-08-01T17:48:33Z logger.go:66:                             }
TestTerraformConfluentPlatformSinglenodeExample 2022-08-01T17:48:33Z logger.go:66:                           + principalMappingRules = (known after apply)
TestTerraformConfluentPlatformSinglenodeExample 2022-08-01T17:48:33Z logger.go:66:                           + type                  = (known after apply)
TestTerraformConfluentPlatformSinglenodeExample 2022-08-01T17:48:33Z logger.go:66:                         }
TestTerraformConfluentPlatformSinglenodeExample 2022-08-01T17:48:33Z logger.go:66:                       + externalAccess = {
TestTerraformConfluentPlatformSinglenodeExample 2022-08-01T17:48:33Z logger.go:66:                           + loadBalancer              = {
TestTerraformConfluentPlatformSinglenodeExample 2022-08-01T17:48:33Z logger.go:66:                               + advertisedPort           = (known after apply)
TestTerraformConfluentPlatformSinglenodeExample 2022-08-01T17:48:33Z logger.go:66:                               + annotations              = (known after apply)
TestTerraformConfluentPlatformSinglenodeExample 2022-08-01T17:48:33Z logger.go:66:                               + bootstrapPrefix          = (known after apply)
TestTerraformConfluentPlatformSinglenodeExample 2022-08-01T17:48:33Z logger.go:66:                               + brokerPrefix             = (known after apply)
TestTerraformConfluentPlatformSinglenodeExample 2022-08-01T17:48:33Z logger.go:66:                               + domain                   = (known after apply)
TestTerraformConfluentPlatformSinglenodeExample 2022-08-01T17:48:33Z logger.go:66:                               + externalTrafficPolicy    = (known after apply)
TestTerraformConfluentPlatformSinglenodeExample 2022-08-01T17:48:33Z logger.go:66:                               + labels                   = (known after apply)
TestTerraformConfluentPlatformSinglenodeExample 2022-08-01T17:48:33Z logger.go:66:                               + loadBalancerSourceRanges = (known after apply)
TestTerraformConfluentPlatformSinglenodeExample 2022-08-01T17:48:33Z logger.go:66:                               + servicePorts             = (known after apply)
TestTerraformConfluentPlatformSinglenodeExample 2022-08-01T17:48:33Z logger.go:66:                               + sessionAffinity          = (known after apply)
TestTerraformConfluentPlatformSinglenodeExample 2022-08-01T17:48:33Z logger.go:66:                               + sessionAffinityConfig    = {
TestTerraformConfluentPlatformSinglenodeExample 2022-08-01T17:48:33Z logger.go:66:                                   + clientIP = {
TestTerraformConfluentPlatformSinglenodeExample 2022-08-01T17:48:33Z logger.go:66:                                       + timeoutSeconds = (known after apply)
TestTerraformConfluentPlatformSinglenodeExample 2022-08-01T17:48:33Z logger.go:66:                                     }
TestTerraformConfluentPlatformSinglenodeExample 2022-08-01T17:48:33Z logger.go:66:                                 }
TestTerraformConfluentPlatformSinglenodeExample 2022-08-01T17:48:33Z logger.go:66:                             }
TestTerraformConfluentPlatformSinglenodeExample 2022-08-01T17:48:33Z logger.go:66:                           + nodePort                  = {
TestTerraformConfluentPlatformSinglenodeExample 2022-08-01T17:48:33Z logger.go:66:                               + advertisedURL         = {
TestTerraformConfluentPlatformSinglenodeExample 2022-08-01T17:48:33Z logger.go:66:                                   + enabled = (known after apply)
TestTerraformConfluentPlatformSinglenodeExample 2022-08-01T17:48:33Z logger.go:66:                                   + prefix  = (known after apply)
TestTerraformConfluentPlatformSinglenodeExample 2022-08-01T17:48:33Z logger.go:66:                                 }
TestTerraformConfluentPlatformSinglenodeExample 2022-08-01T17:48:33Z logger.go:66:                               + annotations           = (known after apply)
TestTerraformConfluentPlatformSinglenodeExample 2022-08-01T17:48:33Z logger.go:66:                               + externalTrafficPolicy = (known after apply)
TestTerraformConfluentPlatformSinglenodeExample 2022-08-01T17:48:33Z logger.go:66:                               + host                  = (known after apply)
TestTerraformConfluentPlatformSinglenodeExample 2022-08-01T17:48:33Z logger.go:66:                               + labels                = (known after apply)
TestTerraformConfluentPlatformSinglenodeExample 2022-08-01T17:48:33Z logger.go:66:                               + nodePortOffset        = (known after apply)
TestTerraformConfluentPlatformSinglenodeExample 2022-08-01T17:48:33Z logger.go:66:                               + servicePorts          = (known after apply)
TestTerraformConfluentPlatformSinglenodeExample 2022-08-01T17:48:33Z logger.go:66:                               + sessionAffinity       = (known after apply)
TestTerraformConfluentPlatformSinglenodeExample 2022-08-01T17:48:33Z logger.go:66:                               + sessionAffinityConfig = {
TestTerraformConfluentPlatformSinglenodeExample 2022-08-01T17:48:33Z logger.go:66:                                   + clientIP = {
TestTerraformConfluentPlatformSinglenodeExample 2022-08-01T17:48:33Z logger.go:66:                                       + timeoutSeconds = (known after apply)
TestTerraformConfluentPlatformSinglenodeExample 2022-08-01T17:48:33Z logger.go:66:                                     }
TestTerraformConfluentPlatformSinglenodeExample 2022-08-01T17:48:33Z logger.go:66:                                 }
TestTerraformConfluentPlatformSinglenodeExample 2022-08-01T17:48:33Z logger.go:66:                             }
TestTerraformConfluentPlatformSinglenodeExample 2022-08-01T17:48:33Z logger.go:66:                           + route                     = {
TestTerraformConfluentPlatformSinglenodeExample 2022-08-01T17:48:33Z logger.go:66:                               + annotations     = (known after apply)
TestTerraformConfluentPlatformSinglenodeExample 2022-08-01T17:48:33Z logger.go:66:                               + bootstrapPrefix = (known after apply)
TestTerraformConfluentPlatformSinglenodeExample 2022-08-01T17:48:33Z logger.go:66:                               + brokerPrefix    = (known after apply)
TestTerraformConfluentPlatformSinglenodeExample 2022-08-01T17:48:33Z logger.go:66:                               + domain          = (known after apply)
TestTerraformConfluentPlatformSinglenodeExample 2022-08-01T17:48:33Z logger.go:66:                               + labels          = (known after apply)
TestTerraformConfluentPlatformSinglenodeExample 2022-08-01T17:48:33Z logger.go:66:                               + wildcardPolicy  = (known after apply)
TestTerraformConfluentPlatformSinglenodeExample 2022-08-01T17:48:33Z logger.go:66:                             }
TestTerraformConfluentPlatformSinglenodeExample 2022-08-01T17:48:33Z logger.go:66:                           + staticForHostBasedRouting = {
TestTerraformConfluentPlatformSinglenodeExample 2022-08-01T17:48:33Z logger.go:66:                               + brokerPrefix = (known after apply)
TestTerraformConfluentPlatformSinglenodeExample 2022-08-01T17:48:33Z logger.go:66:                               + domain       = (known after apply)
TestTerraformConfluentPlatformSinglenodeExample 2022-08-01T17:48:33Z logger.go:66:                               + port         = (known after apply)
TestTerraformConfluentPlatformSinglenodeExample 2022-08-01T17:48:33Z logger.go:66:                             }
TestTerraformConfluentPlatformSinglenodeExample 2022-08-01T17:48:33Z logger.go:66:                           + staticForPortBasedRouting = {
TestTerraformConfluentPlatformSinglenodeExample 2022-08-01T17:48:33Z logger.go:66:                               + host       = (known after apply)
TestTerraformConfluentPlatformSinglenodeExample 2022-08-01T17:48:33Z logger.go:66:                               + portOffset = (known after apply)
TestTerraformConfluentPlatformSinglenodeExample 2022-08-01T17:48:33Z logger.go:66:                             }
TestTerraformConfluentPlatformSinglenodeExample 2022-08-01T17:48:33Z logger.go:66:                           + type                      = (known after apply)
TestTerraformConfluentPlatformSinglenodeExample 2022-08-01T17:48:33Z logger.go:66:                         }
TestTerraformConfluentPlatformSinglenodeExample 2022-08-01T17:48:33Z logger.go:66:                       + tls            = {
TestTerraformConfluentPlatformSinglenodeExample 2022-08-01T17:48:33Z logger.go:66:                           + directoryPathInContainer = (known after apply)
TestTerraformConfluentPlatformSinglenodeExample 2022-08-01T17:48:33Z logger.go:66:                           + enabled                  = (known after apply)
TestTerraformConfluentPlatformSinglenodeExample 2022-08-01T17:48:33Z logger.go:66:                           + ignoreTrustStoreConfig   = (known after apply)
TestTerraformConfluentPlatformSinglenodeExample 2022-08-01T17:48:33Z logger.go:66:                           + jksPassword              = {
TestTerraformConfluentPlatformSinglenodeExample 2022-08-01T17:48:33Z logger.go:66:                               + secretRef = (known after apply)
TestTerraformConfluentPlatformSinglenodeExample 2022-08-01T17:48:33Z logger.go:66:                             }
TestTerraformConfluentPlatformSinglenodeExample 2022-08-01T17:48:33Z logger.go:66:                           + secretRef                = (known after apply)
TestTerraformConfluentPlatformSinglenodeExample 2022-08-01T17:48:33Z logger.go:66:                         }
TestTerraformConfluentPlatformSinglenodeExample 2022-08-01T17:48:33Z logger.go:66:                     }
TestTerraformConfluentPlatformSinglenodeExample 2022-08-01T17:48:33Z logger.go:66:                   + internal = {
TestTerraformConfluentPlatformSinglenodeExample 2022-08-01T17:48:33Z logger.go:66:                       + authentication = {
TestTerraformConfluentPlatformSinglenodeExample 2022-08-01T17:48:33Z logger.go:66:                           + jaasConfig            = {
TestTerraformConfluentPlatformSinglenodeExample 2022-08-01T17:48:33Z logger.go:66:                               + secretRef = (known after apply)
TestTerraformConfluentPlatformSinglenodeExample 2022-08-01T17:48:33Z logger.go:66:                             }
TestTerraformConfluentPlatformSinglenodeExample 2022-08-01T17:48:33Z logger.go:66:                           + jaasConfigPassThrough = {
TestTerraformConfluentPlatformSinglenodeExample 2022-08-01T17:48:33Z logger.go:66:                               + directoryPathInContainer = (known after apply)
TestTerraformConfluentPlatformSinglenodeExample 2022-08-01T17:48:33Z logger.go:66:                               + secretRef                = (known after apply)
TestTerraformConfluentPlatformSinglenodeExample 2022-08-01T17:48:33Z logger.go:66:                             }
TestTerraformConfluentPlatformSinglenodeExample 2022-08-01T17:48:33Z logger.go:66:                           + principalMappingRules = (known after apply)
TestTerraformConfluentPlatformSinglenodeExample 2022-08-01T17:48:33Z logger.go:66:                           + type                  = (known after apply)
TestTerraformConfluentPlatformSinglenodeExample 2022-08-01T17:48:33Z logger.go:66:                         }
TestTerraformConfluentPlatformSinglenodeExample 2022-08-01T17:48:33Z logger.go:66:                       + tls            = {
TestTerraformConfluentPlatformSinglenodeExample 2022-08-01T17:48:33Z logger.go:66:                           + directoryPathInContainer = (known after apply)
TestTerraformConfluentPlatformSinglenodeExample 2022-08-01T17:48:33Z logger.go:66:                           + enabled                  = (known after apply)
TestTerraformConfluentPlatformSinglenodeExample 2022-08-01T17:48:33Z logger.go:66:                           + ignoreTrustStoreConfig   = (known after apply)
TestTerraformConfluentPlatformSinglenodeExample 2022-08-01T17:48:33Z logger.go:66:                           + jksPassword              = {
TestTerraformConfluentPlatformSinglenodeExample 2022-08-01T17:48:33Z logger.go:66:                               + secretRef = (known after apply)
TestTerraformConfluentPlatformSinglenodeExample 2022-08-01T17:48:33Z logger.go:66:                             }
TestTerraformConfluentPlatformSinglenodeExample 2022-08-01T17:48:33Z logger.go:66:                           + secretRef                = (known after apply)
TestTerraformConfluentPlatformSinglenodeExample 2022-08-01T17:48:33Z logger.go:66:                         }
TestTerraformConfluentPlatformSinglenodeExample 2022-08-01T17:48:33Z logger.go:66:                     }
TestTerraformConfluentPlatformSinglenodeExample 2022-08-01T17:48:33Z logger.go:66:                 }
TestTerraformConfluentPlatformSinglenodeExample 2022-08-01T17:48:33Z logger.go:66:               + metricReporter     = {
TestTerraformConfluentPlatformSinglenodeExample 2022-08-01T17:48:33Z logger.go:66:                   + authentication    = {
TestTerraformConfluentPlatformSinglenodeExample 2022-08-01T17:48:33Z logger.go:66:                       + jaasConfig            = {
TestTerraformConfluentPlatformSinglenodeExample 2022-08-01T17:48:33Z logger.go:66:                           + secretRef = (known after apply)
TestTerraformConfluentPlatformSinglenodeExample 2022-08-01T17:48:33Z logger.go:66:                         }
TestTerraformConfluentPlatformSinglenodeExample 2022-08-01T17:48:33Z logger.go:66:                       + jaasConfigPassThrough = {
TestTerraformConfluentPlatformSinglenodeExample 2022-08-01T17:48:33Z logger.go:66:                           + directoryPathInContainer = (known after apply)
TestTerraformConfluentPlatformSinglenodeExample 2022-08-01T17:48:33Z logger.go:66:                           + secretRef                = (known after apply)
TestTerraformConfluentPlatformSinglenodeExample 2022-08-01T17:48:33Z logger.go:66:                         }
TestTerraformConfluentPlatformSinglenodeExample 2022-08-01T17:48:33Z logger.go:66:                       + oauthbearer           = {
TestTerraformConfluentPlatformSinglenodeExample 2022-08-01T17:48:33Z logger.go:66:                           + directoryPathInContainer = (known after apply)
TestTerraformConfluentPlatformSinglenodeExample 2022-08-01T17:48:33Z logger.go:66:                           + secretRef                = (known after apply)
TestTerraformConfluentPlatformSinglenodeExample 2022-08-01T17:48:33Z logger.go:66:                         }
TestTerraformConfluentPlatformSinglenodeExample 2022-08-01T17:48:33Z logger.go:66:                       + type                  = (known after apply)
TestTerraformConfluentPlatformSinglenodeExample 2022-08-01T17:48:33Z logger.go:66:                     }
TestTerraformConfluentPlatformSinglenodeExample 2022-08-01T17:48:33Z logger.go:66:                   + bootstrapEndpoint = (known after apply)
TestTerraformConfluentPlatformSinglenodeExample 2022-08-01T17:48:33Z logger.go:66:                   + enabled           = true
TestTerraformConfluentPlatformSinglenodeExample 2022-08-01T17:48:33Z logger.go:66:                   + replicationFactor = (known after apply)
TestTerraformConfluentPlatformSinglenodeExample 2022-08-01T17:48:33Z logger.go:66:                   + tls               = {
TestTerraformConfluentPlatformSinglenodeExample 2022-08-01T17:48:33Z logger.go:66:                       + directoryPathInContainer = (known after apply)
TestTerraformConfluentPlatformSinglenodeExample 2022-08-01T17:48:33Z logger.go:66:                       + enabled                  = (known after apply)
TestTerraformConfluentPlatformSinglenodeExample 2022-08-01T17:48:33Z logger.go:66:                       + ignoreTrustStoreConfig   = (known after apply)
TestTerraformConfluentPlatformSinglenodeExample 2022-08-01T17:48:33Z logger.go:66:                       + jksPassword              = {
TestTerraformConfluentPlatformSinglenodeExample 2022-08-01T17:48:33Z logger.go:66:                           + secretRef = (known after apply)
TestTerraformConfluentPlatformSinglenodeExample 2022-08-01T17:48:33Z logger.go:66:                         }
TestTerraformConfluentPlatformSinglenodeExample 2022-08-01T17:48:33Z logger.go:66:                       + secretRef                = (known after apply)
TestTerraformConfluentPlatformSinglenodeExample 2022-08-01T17:48:33Z logger.go:66:                     }
TestTerraformConfluentPlatformSinglenodeExample 2022-08-01T17:48:33Z logger.go:66:                 }
TestTerraformConfluentPlatformSinglenodeExample 2022-08-01T17:48:33Z logger.go:66:               + metrics            = {
TestTerraformConfluentPlatformSinglenodeExample 2022-08-01T17:48:33Z logger.go:66:                   + authentication = {
TestTerraformConfluentPlatformSinglenodeExample 2022-08-01T17:48:33Z logger.go:66:                       + type = (known after apply)
TestTerraformConfluentPlatformSinglenodeExample 2022-08-01T17:48:33Z logger.go:66:                     }
TestTerraformConfluentPlatformSinglenodeExample 2022-08-01T17:48:33Z logger.go:66:                   + prometheus     = {
TestTerraformConfluentPlatformSinglenodeExample 2022-08-01T17:48:33Z logger.go:66:                       + blacklist = (known after apply)
TestTerraformConfluentPlatformSinglenodeExample 2022-08-01T17:48:33Z logger.go:66:                       + rules     = (known after apply)
TestTerraformConfluentPlatformSinglenodeExample 2022-08-01T17:48:33Z logger.go:66:                       + whitelist = (known after apply)
TestTerraformConfluentPlatformSinglenodeExample 2022-08-01T17:48:33Z logger.go:66:                     }
TestTerraformConfluentPlatformSinglenodeExample 2022-08-01T17:48:33Z logger.go:66:                   + tls            = {
TestTerraformConfluentPlatformSinglenodeExample 2022-08-01T17:48:33Z logger.go:66:                       + directoryPathInContainer = (known after apply)
TestTerraformConfluentPlatformSinglenodeExample 2022-08-01T17:48:33Z logger.go:66:                       + enabled                  = (known after apply)
TestTerraformConfluentPlatformSinglenodeExample 2022-08-01T17:48:33Z logger.go:66:                       + ignoreTrustStoreConfig   = (known after apply)
TestTerraformConfluentPlatformSinglenodeExample 2022-08-01T17:48:33Z logger.go:66:                       + jksPassword              = {
TestTerraformConfluentPlatformSinglenodeExample 2022-08-01T17:48:33Z logger.go:66:                           + secretRef = (known after apply)
TestTerraformConfluentPlatformSinglenodeExample 2022-08-01T17:48:33Z logger.go:66:                         }
TestTerraformConfluentPlatformSinglenodeExample 2022-08-01T17:48:33Z logger.go:66:                       + secretRef                = (known after apply)
TestTerraformConfluentPlatformSinglenodeExample 2022-08-01T17:48:33Z logger.go:66:                     }
TestTerraformConfluentPlatformSinglenodeExample 2022-08-01T17:48:33Z logger.go:66:                 }
TestTerraformConfluentPlatformSinglenodeExample 2022-08-01T17:48:33Z logger.go:66:               + mountedSecrets     = (known after apply)
TestTerraformConfluentPlatformSinglenodeExample 2022-08-01T17:48:33Z logger.go:66:               + mountedVolumes     = {
TestTerraformConfluentPlatformSinglenodeExample 2022-08-01T17:48:33Z logger.go:66:                   + volumeMounts = (known after apply)
TestTerraformConfluentPlatformSinglenodeExample 2022-08-01T17:48:33Z logger.go:66:                   + volumes      = (known after apply)
TestTerraformConfluentPlatformSinglenodeExample 2022-08-01T17:48:33Z logger.go:66:                 }
TestTerraformConfluentPlatformSinglenodeExample 2022-08-01T17:48:33Z logger.go:66:               + oneReplicaPerNode  = (known after apply)
TestTerraformConfluentPlatformSinglenodeExample 2022-08-01T17:48:33Z logger.go:66:               + passwordEncoder    = {
TestTerraformConfluentPlatformSinglenodeExample 2022-08-01T17:48:33Z logger.go:66:                   + directoryPathInContainer = (known after apply)
TestTerraformConfluentPlatformSinglenodeExample 2022-08-01T17:48:33Z logger.go:66:                   + secretRef                = (known after apply)
TestTerraformConfluentPlatformSinglenodeExample 2022-08-01T17:48:33Z logger.go:66:                 }
TestTerraformConfluentPlatformSinglenodeExample 2022-08-01T17:48:33Z logger.go:66:               + podTemplate        = {
TestTerraformConfluentPlatformSinglenodeExample 2022-08-01T17:48:33Z logger.go:66:                   + affinity                      = {
TestTerraformConfluentPlatformSinglenodeExample 2022-08-01T17:48:33Z logger.go:66:                       + nodeAffinity    = {
TestTerraformConfluentPlatformSinglenodeExample 2022-08-01T17:48:33Z logger.go:66:                           + preferredDuringSchedulingIgnoredDuringExecution = (known after apply)
TestTerraformConfluentPlatformSinglenodeExample 2022-08-01T17:48:33Z logger.go:66:                           + requiredDuringSchedulingIgnoredDuringExecution  = {
TestTerraformConfluentPlatformSinglenodeExample 2022-08-01T17:48:33Z logger.go:66:                               + nodeSelectorTerms = (known after apply)
TestTerraformConfluentPlatformSinglenodeExample 2022-08-01T17:48:33Z logger.go:66:                             }
TestTerraformConfluentPlatformSinglenodeExample 2022-08-01T17:48:33Z logger.go:66:                         }
TestTerraformConfluentPlatformSinglenodeExample 2022-08-01T17:48:33Z logger.go:66:                       + podAffinity     = {
TestTerraformConfluentPlatformSinglenodeExample 2022-08-01T17:48:33Z logger.go:66:                           + preferredDuringSchedulingIgnoredDuringExecution = (known after apply)
TestTerraformConfluentPlatformSinglenodeExample 2022-08-01T17:48:33Z logger.go:66:                           + requiredDuringSchedulingIgnoredDuringExecution  = (known after apply)
TestTerraformConfluentPlatformSinglenodeExample 2022-08-01T17:48:33Z logger.go:66:                         }
TestTerraformConfluentPlatformSinglenodeExample 2022-08-01T17:48:33Z logger.go:66:                       + podAntiAffinity = {
TestTerraformConfluentPlatformSinglenodeExample 2022-08-01T17:48:33Z logger.go:66:                           + preferredDuringSchedulingIgnoredDuringExecution = (known after apply)
TestTerraformConfluentPlatformSinglenodeExample 2022-08-01T17:48:33Z logger.go:66:                           + requiredDuringSchedulingIgnoredDuringExecution  = (known after apply)
TestTerraformConfluentPlatformSinglenodeExample 2022-08-01T17:48:33Z logger.go:66:                         }
TestTerraformConfluentPlatformSinglenodeExample 2022-08-01T17:48:33Z logger.go:66:                     }
TestTerraformConfluentPlatformSinglenodeExample 2022-08-01T17:48:33Z logger.go:66:                   + annotations                   = (known after apply)
TestTerraformConfluentPlatformSinglenodeExample 2022-08-01T17:48:33Z logger.go:66:                   + envVars                       = (known after apply)
TestTerraformConfluentPlatformSinglenodeExample 2022-08-01T17:48:33Z logger.go:66:                   + labels                        = (known after apply)
TestTerraformConfluentPlatformSinglenodeExample 2022-08-01T17:48:33Z logger.go:66:                   + podSecurityContext            = {
TestTerraformConfluentPlatformSinglenodeExample 2022-08-01T17:48:33Z logger.go:66:                       + fsGroup             = 1000
TestTerraformConfluentPlatformSinglenodeExample 2022-08-01T17:48:33Z logger.go:66:                       + fsGroupChangePolicy = (known after apply)
TestTerraformConfluentPlatformSinglenodeExample 2022-08-01T17:48:33Z logger.go:66:                       + runAsGroup          = (known after apply)
TestTerraformConfluentPlatformSinglenodeExample 2022-08-01T17:48:33Z logger.go:66:                       + runAsNonRoot        = true
TestTerraformConfluentPlatformSinglenodeExample 2022-08-01T17:48:33Z logger.go:66:                       + runAsUser           = 1000
TestTerraformConfluentPlatformSinglenodeExample 2022-08-01T17:48:33Z logger.go:66:                       + seLinuxOptions      = {
TestTerraformConfluentPlatformSinglenodeExample 2022-08-01T17:48:33Z logger.go:66:                           + level = (known after apply)
TestTerraformConfluentPlatformSinglenodeExample 2022-08-01T17:48:33Z logger.go:66:                           + role  = (known after apply)
TestTerraformConfluentPlatformSinglenodeExample 2022-08-01T17:48:33Z logger.go:66:                           + type  = (known after apply)
TestTerraformConfluentPlatformSinglenodeExample 2022-08-01T17:48:33Z logger.go:66:                           + user  = (known after apply)
TestTerraformConfluentPlatformSinglenodeExample 2022-08-01T17:48:33Z logger.go:66:                         }
TestTerraformConfluentPlatformSinglenodeExample 2022-08-01T17:48:33Z logger.go:66:                       + seccompProfile      = {
TestTerraformConfluentPlatformSinglenodeExample 2022-08-01T17:48:33Z logger.go:66:                           + localhostProfile = (known after apply)
TestTerraformConfluentPlatformSinglenodeExample 2022-08-01T17:48:33Z logger.go:66:                           + type             = (known after apply)
TestTerraformConfluentPlatformSinglenodeExample 2022-08-01T17:48:33Z logger.go:66:                         }
TestTerraformConfluentPlatformSinglenodeExample 2022-08-01T17:48:33Z logger.go:66:                       + supplementalGroups  = (known after apply)
TestTerraformConfluentPlatformSinglenodeExample 2022-08-01T17:48:33Z logger.go:66:                       + sysctls             = (known after apply)
TestTerraformConfluentPlatformSinglenodeExample 2022-08-01T17:48:33Z logger.go:66:                       + windowsOptions      = {
TestTerraformConfluentPlatformSinglenodeExample 2022-08-01T17:48:33Z logger.go:66:                           + gmsaCredentialSpec     = (known after apply)
TestTerraformConfluentPlatformSinglenodeExample 2022-08-01T17:48:33Z logger.go:66:                           + gmsaCredentialSpecName = (known after apply)
TestTerraformConfluentPlatformSinglenodeExample 2022-08-01T17:48:33Z logger.go:66:                           + hostProcess            = (known after apply)
TestTerraformConfluentPlatformSinglenodeExample 2022-08-01T17:48:33Z logger.go:66:                           + runAsUserName          = (known after apply)
TestTerraformConfluentPlatformSinglenodeExample 2022-08-01T17:48:33Z logger.go:66:                         }
TestTerraformConfluentPlatformSinglenodeExample 2022-08-01T17:48:33Z logger.go:66:                     }
TestTerraformConfluentPlatformSinglenodeExample 2022-08-01T17:48:33Z logger.go:66:                   + priorityClassName             = (known after apply)
TestTerraformConfluentPlatformSinglenodeExample 2022-08-01T17:48:33Z logger.go:66:                   + probe                         = {
TestTerraformConfluentPlatformSinglenodeExample 2022-08-01T17:48:33Z logger.go:66:                       + liveness  = {
TestTerraformConfluentPlatformSinglenodeExample 2022-08-01T17:48:33Z logger.go:66:                           + failureThreshold    = (known after apply)
TestTerraformConfluentPlatformSinglenodeExample 2022-08-01T17:48:33Z logger.go:66:                           + initialDelaySeconds = (known after apply)
TestTerraformConfluentPlatformSinglenodeExample 2022-08-01T17:48:33Z logger.go:66:                           + periodSeconds       = (known after apply)
TestTerraformConfluentPlatformSinglenodeExample 2022-08-01T17:48:33Z logger.go:66:                           + successThreshold    = (known after apply)
TestTerraformConfluentPlatformSinglenodeExample 2022-08-01T17:48:33Z logger.go:66:                           + timeoutSeconds      = (known after apply)
TestTerraformConfluentPlatformSinglenodeExample 2022-08-01T17:48:33Z logger.go:66:                         }
TestTerraformConfluentPlatformSinglenodeExample 2022-08-01T17:48:33Z logger.go:66:                       + readiness = {
TestTerraformConfluentPlatformSinglenodeExample 2022-08-01T17:48:33Z logger.go:66:                           + failureThreshold    = (known after apply)
TestTerraformConfluentPlatformSinglenodeExample 2022-08-01T17:48:33Z logger.go:66:                           + initialDelaySeconds = (known after apply)
TestTerraformConfluentPlatformSinglenodeExample 2022-08-01T17:48:33Z logger.go:66:                           + periodSeconds       = (known after apply)
TestTerraformConfluentPlatformSinglenodeExample 2022-08-01T17:48:33Z logger.go:66:                           + successThreshold    = (known after apply)
TestTerraformConfluentPlatformSinglenodeExample 2022-08-01T17:48:33Z logger.go:66:                           + timeoutSeconds      = (known after apply)
TestTerraformConfluentPlatformSinglenodeExample 2022-08-01T17:48:33Z logger.go:66:                         }
TestTerraformConfluentPlatformSinglenodeExample 2022-08-01T17:48:33Z logger.go:66:                     }
TestTerraformConfluentPlatformSinglenodeExample 2022-08-01T17:48:33Z logger.go:66:                   + resources                     = {
TestTerraformConfluentPlatformSinglenodeExample 2022-08-01T17:48:33Z logger.go:66:                       + limits   = (known after apply)
TestTerraformConfluentPlatformSinglenodeExample 2022-08-01T17:48:33Z logger.go:66:                       + requests = {
TestTerraformConfluentPlatformSinglenodeExample 2022-08-01T17:48:33Z logger.go:66:                           + "cpu"    = "200m"
TestTerraformConfluentPlatformSinglenodeExample 2022-08-01T17:48:33Z logger.go:66:                           + "memory" = "512Mi"
TestTerraformConfluentPlatformSinglenodeExample 2022-08-01T17:48:33Z logger.go:66:                         }
TestTerraformConfluentPlatformSinglenodeExample 2022-08-01T17:48:33Z logger.go:66:                     }
TestTerraformConfluentPlatformSinglenodeExample 2022-08-01T17:48:33Z logger.go:66:                   + securityContext               = {
TestTerraformConfluentPlatformSinglenodeExample 2022-08-01T17:48:33Z logger.go:66:                       + allowPrivilegeEscalation = (known after apply)
TestTerraformConfluentPlatformSinglenodeExample 2022-08-01T17:48:33Z logger.go:66:                       + capabilities             = {
TestTerraformConfluentPlatformSinglenodeExample 2022-08-01T17:48:33Z logger.go:66:                           + add  = (known after apply)
TestTerraformConfluentPlatformSinglenodeExample 2022-08-01T17:48:33Z logger.go:66:                           + drop = (known after apply)
TestTerraformConfluentPlatformSinglenodeExample 2022-08-01T17:48:33Z logger.go:66:                         }
TestTerraformConfluentPlatformSinglenodeExample 2022-08-01T17:48:33Z logger.go:66:                       + privileged               = (known after apply)
TestTerraformConfluentPlatformSinglenodeExample 2022-08-01T17:48:33Z logger.go:66:                       + procMount                = (known after apply)
TestTerraformConfluentPlatformSinglenodeExample 2022-08-01T17:48:33Z logger.go:66:                       + readOnlyRootFilesystem   = (known after apply)
TestTerraformConfluentPlatformSinglenodeExample 2022-08-01T17:48:33Z logger.go:66:                       + runAsGroup               = (known after apply)
TestTerraformConfluentPlatformSinglenodeExample 2022-08-01T17:48:33Z logger.go:66:                       + runAsNonRoot             = (known after apply)
TestTerraformConfluentPlatformSinglenodeExample 2022-08-01T17:48:33Z logger.go:66:                       + runAsUser                = (known after apply)
TestTerraformConfluentPlatformSinglenodeExample 2022-08-01T17:48:33Z logger.go:66:                       + seLinuxOptions           = {
TestTerraformConfluentPlatformSinglenodeExample 2022-08-01T17:48:33Z logger.go:66:                           + level = (known after apply)
TestTerraformConfluentPlatformSinglenodeExample 2022-08-01T17:48:33Z logger.go:66:                           + role  = (known after apply)
TestTerraformConfluentPlatformSinglenodeExample 2022-08-01T17:48:33Z logger.go:66:                           + type  = (known after apply)
TestTerraformConfluentPlatformSinglenodeExample 2022-08-01T17:48:33Z logger.go:66:                           + user  = (known after apply)
TestTerraformConfluentPlatformSinglenodeExample 2022-08-01T17:48:33Z logger.go:66:                         }
TestTerraformConfluentPlatformSinglenodeExample 2022-08-01T17:48:33Z logger.go:66:                       + seccompProfile           = {
TestTerraformConfluentPlatformSinglenodeExample 2022-08-01T17:48:33Z logger.go:66:                           + localhostProfile = (known after apply)
TestTerraformConfluentPlatformSinglenodeExample 2022-08-01T17:48:33Z logger.go:66:                           + type             = (known after apply)
TestTerraformConfluentPlatformSinglenodeExample 2022-08-01T17:48:33Z logger.go:66:                         }
TestTerraformConfluentPlatformSinglenodeExample 2022-08-01T17:48:33Z logger.go:66:                       + windowsOptions           = {
TestTerraformConfluentPlatformSinglenodeExample 2022-08-01T17:48:33Z logger.go:66:                           + gmsaCredentialSpec     = (known after apply)
TestTerraformConfluentPlatformSinglenodeExample 2022-08-01T17:48:33Z logger.go:66:                           + gmsaCredentialSpecName = (known after apply)
TestTerraformConfluentPlatformSinglenodeExample 2022-08-01T17:48:33Z logger.go:66:                           + hostProcess            = (known after apply)
TestTerraformConfluentPlatformSinglenodeExample 2022-08-01T17:48:33Z logger.go:66:                           + runAsUserName          = (known after apply)
TestTerraformConfluentPlatformSinglenodeExample 2022-08-01T17:48:33Z logger.go:66:                         }
TestTerraformConfluentPlatformSinglenodeExample 2022-08-01T17:48:33Z logger.go:66:                     }
TestTerraformConfluentPlatformSinglenodeExample 2022-08-01T17:48:33Z logger.go:66:                   + serviceAccountName            = (known after apply)
TestTerraformConfluentPlatformSinglenodeExample 2022-08-01T17:48:33Z logger.go:66:                   + terminationGracePeriodSeconds = (known after apply)
TestTerraformConfluentPlatformSinglenodeExample 2022-08-01T17:48:33Z logger.go:66:                   + tolerations                   = (known after apply)
TestTerraformConfluentPlatformSinglenodeExample 2022-08-01T17:48:33Z logger.go:66:                   + topologySpreadConstraints     = (known after apply)
TestTerraformConfluentPlatformSinglenodeExample 2022-08-01T17:48:33Z logger.go:66:                 }
TestTerraformConfluentPlatformSinglenodeExample 2022-08-01T17:48:33Z logger.go:66:               + rackAssignment     = {
TestTerraformConfluentPlatformSinglenodeExample 2022-08-01T17:48:33Z logger.go:66:                   + availabilityZoneCount = (known after apply)
TestTerraformConfluentPlatformSinglenodeExample 2022-08-01T17:48:33Z logger.go:66:                   + nodeLabels            = (known after apply)
TestTerraformConfluentPlatformSinglenodeExample 2022-08-01T17:48:33Z logger.go:66:                 }
TestTerraformConfluentPlatformSinglenodeExample 2022-08-01T17:48:33Z logger.go:66:               + replicas           = 1
TestTerraformConfluentPlatformSinglenodeExample 2022-08-01T17:48:33Z logger.go:66:               + services           = {
TestTerraformConfluentPlatformSinglenodeExample 2022-08-01T17:48:33Z logger.go:66:                   + kafkaRest = {
TestTerraformConfluentPlatformSinglenodeExample 2022-08-01T17:48:33Z logger.go:66:                       + authentication = {
TestTerraformConfluentPlatformSinglenodeExample 2022-08-01T17:48:33Z logger.go:66:                           + basic = {
TestTerraformConfluentPlatformSinglenodeExample 2022-08-01T17:48:33Z logger.go:66:                               + debug                    = (known after apply)
TestTerraformConfluentPlatformSinglenodeExample 2022-08-01T17:48:33Z logger.go:66:                               + directoryPathInContainer = (known after apply)
TestTerraformConfluentPlatformSinglenodeExample 2022-08-01T17:48:33Z logger.go:66:                               + restrictedRoles          = (known after apply)
TestTerraformConfluentPlatformSinglenodeExample 2022-08-01T17:48:33Z logger.go:66:                               + roles                    = (known after apply)
TestTerraformConfluentPlatformSinglenodeExample 2022-08-01T17:48:33Z logger.go:66:                               + secretRef                = (known after apply)
TestTerraformConfluentPlatformSinglenodeExample 2022-08-01T17:48:33Z logger.go:66:                             }
TestTerraformConfluentPlatformSinglenodeExample 2022-08-01T17:48:33Z logger.go:66:                           + type  = (known after apply)
TestTerraformConfluentPlatformSinglenodeExample 2022-08-01T17:48:33Z logger.go:66:                         }
TestTerraformConfluentPlatformSinglenodeExample 2022-08-01T17:48:33Z logger.go:66:                       + externalAccess = {
TestTerraformConfluentPlatformSinglenodeExample 2022-08-01T17:48:33Z logger.go:66:                           + loadBalancer = {
TestTerraformConfluentPlatformSinglenodeExample 2022-08-01T17:48:33Z logger.go:66:                               + advertisedURL            = {
TestTerraformConfluentPlatformSinglenodeExample 2022-08-01T17:48:33Z logger.go:66:                                   + enabled = (known after apply)
TestTerraformConfluentPlatformSinglenodeExample 2022-08-01T17:48:33Z logger.go:66:                                   + prefix  = (known after apply)
TestTerraformConfluentPlatformSinglenodeExample 2022-08-01T17:48:33Z logger.go:66:                                 }
TestTerraformConfluentPlatformSinglenodeExample 2022-08-01T17:48:33Z logger.go:66:                               + annotations              = (known after apply)
TestTerraformConfluentPlatformSinglenodeExample 2022-08-01T17:48:33Z logger.go:66:                               + domain                   = (known after apply)
TestTerraformConfluentPlatformSinglenodeExample 2022-08-01T17:48:33Z logger.go:66:                               + externalTrafficPolicy    = (known after apply)
TestTerraformConfluentPlatformSinglenodeExample 2022-08-01T17:48:33Z logger.go:66:                               + labels                   = (known after apply)
TestTerraformConfluentPlatformSinglenodeExample 2022-08-01T17:48:33Z logger.go:66:                               + loadBalancerSourceRanges = (known after apply)
TestTerraformConfluentPlatformSinglenodeExample 2022-08-01T17:48:33Z logger.go:66:                               + port                     = (known after apply)
TestTerraformConfluentPlatformSinglenodeExample 2022-08-01T17:48:33Z logger.go:66:                               + prefix                   = (known after apply)
TestTerraformConfluentPlatformSinglenodeExample 2022-08-01T17:48:33Z logger.go:66:                               + servicePorts             = (known after apply)
TestTerraformConfluentPlatformSinglenodeExample 2022-08-01T17:48:33Z logger.go:66:                               + sessionAffinity          = (known after apply)
TestTerraformConfluentPlatformSinglenodeExample 2022-08-01T17:48:33Z logger.go:66:                               + sessionAffinityConfig    = {
TestTerraformConfluentPlatformSinglenodeExample 2022-08-01T17:48:33Z logger.go:66:                                   + clientIP = {
TestTerraformConfluentPlatformSinglenodeExample 2022-08-01T17:48:33Z logger.go:66:                                       + timeoutSeconds = (known after apply)
TestTerraformConfluentPlatformSinglenodeExample 2022-08-01T17:48:33Z logger.go:66:                                     }
TestTerraformConfluentPlatformSinglenodeExample 2022-08-01T17:48:33Z logger.go:66:                                 }
TestTerraformConfluentPlatformSinglenodeExample 2022-08-01T17:48:33Z logger.go:66:                             }
TestTerraformConfluentPlatformSinglenodeExample 2022-08-01T17:48:33Z logger.go:66:                           + nodePort     = {
TestTerraformConfluentPlatformSinglenodeExample 2022-08-01T17:48:33Z logger.go:66:                               + advertisedURL         = {
TestTerraformConfluentPlatformSinglenodeExample 2022-08-01T17:48:33Z logger.go:66:                                   + enabled = (known after apply)
TestTerraformConfluentPlatformSinglenodeExample 2022-08-01T17:48:33Z logger.go:66:                                   + prefix  = (known after apply)
TestTerraformConfluentPlatformSinglenodeExample 2022-08-01T17:48:33Z logger.go:66:                                 }
TestTerraformConfluentPlatformSinglenodeExample 2022-08-01T17:48:33Z logger.go:66:                               + annotations           = (known after apply)
TestTerraformConfluentPlatformSinglenodeExample 2022-08-01T17:48:33Z logger.go:66:                               + externalTrafficPolicy = (known after apply)
TestTerraformConfluentPlatformSinglenodeExample 2022-08-01T17:48:33Z logger.go:66:                               + host                  = (known after apply)
TestTerraformConfluentPlatformSinglenodeExample 2022-08-01T17:48:33Z logger.go:66:                               + labels                = (known after apply)
TestTerraformConfluentPlatformSinglenodeExample 2022-08-01T17:48:33Z logger.go:66:                               + nodePortOffset        = (known after apply)
TestTerraformConfluentPlatformSinglenodeExample 2022-08-01T17:48:33Z logger.go:66:                               + servicePorts          = (known after apply)
TestTerraformConfluentPlatformSinglenodeExample 2022-08-01T17:48:33Z logger.go:66:                               + sessionAffinity       = (known after apply)
TestTerraformConfluentPlatformSinglenodeExample 2022-08-01T17:48:33Z logger.go:66:                               + sessionAffinityConfig = {
TestTerraformConfluentPlatformSinglenodeExample 2022-08-01T17:48:33Z logger.go:66:                                   + clientIP = {
TestTerraformConfluentPlatformSinglenodeExample 2022-08-01T17:48:33Z logger.go:66:                                       + timeoutSeconds = (known after apply)
TestTerraformConfluentPlatformSinglenodeExample 2022-08-01T17:48:33Z logger.go:66:                                     }
TestTerraformConfluentPlatformSinglenodeExample 2022-08-01T17:48:33Z logger.go:66:                                 }
TestTerraformConfluentPlatformSinglenodeExample 2022-08-01T17:48:33Z logger.go:66:                             }
TestTerraformConfluentPlatformSinglenodeExample 2022-08-01T17:48:33Z logger.go:66:                           + route        = {
TestTerraformConfluentPlatformSinglenodeExample 2022-08-01T17:48:33Z logger.go:66:                               + annotations    = (known after apply)
TestTerraformConfluentPlatformSinglenodeExample 2022-08-01T17:48:33Z logger.go:66:                               + domain         = (known after apply)
TestTerraformConfluentPlatformSinglenodeExample 2022-08-01T17:48:33Z logger.go:66:                               + labels         = (known after apply)
TestTerraformConfluentPlatformSinglenodeExample 2022-08-01T17:48:33Z logger.go:66:                               + prefix         = (known after apply)
TestTerraformConfluentPlatformSinglenodeExample 2022-08-01T17:48:33Z logger.go:66:                               + wildcardPolicy = (known after apply)
TestTerraformConfluentPlatformSinglenodeExample 2022-08-01T17:48:33Z logger.go:66:                             }
TestTerraformConfluentPlatformSinglenodeExample 2022-08-01T17:48:33Z logger.go:66:                           + type         = (known after apply)
TestTerraformConfluentPlatformSinglenodeExample 2022-08-01T17:48:33Z logger.go:66:                         }
TestTerraformConfluentPlatformSinglenodeExample 2022-08-01T17:48:33Z logger.go:66:                       + tls            = {
TestTerraformConfluentPlatformSinglenodeExample 2022-08-01T17:48:33Z logger.go:66:                           + directoryPathInContainer = (known after apply)
TestTerraformConfluentPlatformSinglenodeExample 2022-08-01T17:48:33Z logger.go:66:                           + enabled                  = (known after apply)
TestTerraformConfluentPlatformSinglenodeExample 2022-08-01T17:48:33Z logger.go:66:                           + ignoreTrustStoreConfig   = (known after apply)
TestTerraformConfluentPlatformSinglenodeExample 2022-08-01T17:48:33Z logger.go:66:                           + jksPassword              = {
TestTerraformConfluentPlatformSinglenodeExample 2022-08-01T17:48:33Z logger.go:66:                               + secretRef = (known after apply)
TestTerraformConfluentPlatformSinglenodeExample 2022-08-01T17:48:33Z logger.go:66:                             }
TestTerraformConfluentPlatformSinglenodeExample 2022-08-01T17:48:33Z logger.go:66:                           + secretRef                = (known after apply)
TestTerraformConfluentPlatformSinglenodeExample 2022-08-01T17:48:33Z logger.go:66:                         }
TestTerraformConfluentPlatformSinglenodeExample 2022-08-01T17:48:33Z logger.go:66:                     }
TestTerraformConfluentPlatformSinglenodeExample 2022-08-01T17:48:33Z logger.go:66:                   + mds       = {
TestTerraformConfluentPlatformSinglenodeExample 2022-08-01T17:48:33Z logger.go:66:                       + authentication = {
TestTerraformConfluentPlatformSinglenodeExample 2022-08-01T17:48:33Z logger.go:66:                           + type = (known after apply)
TestTerraformConfluentPlatformSinglenodeExample 2022-08-01T17:48:33Z logger.go:66:                         }
TestTerraformConfluentPlatformSinglenodeExample 2022-08-01T17:48:33Z logger.go:66:                       + externalAccess = {
TestTerraformConfluentPlatformSinglenodeExample 2022-08-01T17:48:33Z logger.go:66:                           + loadBalancer = {
TestTerraformConfluentPlatformSinglenodeExample 2022-08-01T17:48:33Z logger.go:66:                               + advertisedURL            = {
TestTerraformConfluentPlatformSinglenodeExample 2022-08-01T17:48:33Z logger.go:66:                                   + enabled = (known after apply)
TestTerraformConfluentPlatformSinglenodeExample 2022-08-01T17:48:33Z logger.go:66:                                   + prefix  = (known after apply)
TestTerraformConfluentPlatformSinglenodeExample 2022-08-01T17:48:33Z logger.go:66:                                 }
TestTerraformConfluentPlatformSinglenodeExample 2022-08-01T17:48:33Z logger.go:66:                               + annotations              = (known after apply)
TestTerraformConfluentPlatformSinglenodeExample 2022-08-01T17:48:33Z logger.go:66:                               + domain                   = (known after apply)
TestTerraformConfluentPlatformSinglenodeExample 2022-08-01T17:48:33Z logger.go:66:                               + externalTrafficPolicy    = (known after apply)
TestTerraformConfluentPlatformSinglenodeExample 2022-08-01T17:48:33Z logger.go:66:                               + labels                   = (known after apply)
TestTerraformConfluentPlatformSinglenodeExample 2022-08-01T17:48:33Z logger.go:66:                               + loadBalancerSourceRanges = (known after apply)
TestTerraformConfluentPlatformSinglenodeExample 2022-08-01T17:48:33Z logger.go:66:                               + port                     = (known after apply)
TestTerraformConfluentPlatformSinglenodeExample 2022-08-01T17:48:33Z logger.go:66:                               + prefix                   = (known after apply)
TestTerraformConfluentPlatformSinglenodeExample 2022-08-01T17:48:33Z logger.go:66:                               + servicePorts             = (known after apply)
TestTerraformConfluentPlatformSinglenodeExample 2022-08-01T17:48:33Z logger.go:66:                               + sessionAffinity          = (known after apply)
TestTerraformConfluentPlatformSinglenodeExample 2022-08-01T17:48:33Z logger.go:66:                               + sessionAffinityConfig    = {
TestTerraformConfluentPlatformSinglenodeExample 2022-08-01T17:48:33Z logger.go:66:                                   + clientIP = {
TestTerraformConfluentPlatformSinglenodeExample 2022-08-01T17:48:33Z logger.go:66:                                       + timeoutSeconds = (known after apply)
TestTerraformConfluentPlatformSinglenodeExample 2022-08-01T17:48:33Z logger.go:66:                                     }
TestTerraformConfluentPlatformSinglenodeExample 2022-08-01T17:48:33Z logger.go:66:                                 }
TestTerraformConfluentPlatformSinglenodeExample 2022-08-01T17:48:33Z logger.go:66:                             }
TestTerraformConfluentPlatformSinglenodeExample 2022-08-01T17:48:33Z logger.go:66:                           + nodePort     = {
TestTerraformConfluentPlatformSinglenodeExample 2022-08-01T17:48:33Z logger.go:66:                               + advertisedURL         = {
TestTerraformConfluentPlatformSinglenodeExample 2022-08-01T17:48:33Z logger.go:66:                                   + enabled = (known after apply)
TestTerraformConfluentPlatformSinglenodeExample 2022-08-01T17:48:33Z logger.go:66:                                   + prefix  = (known after apply)
TestTerraformConfluentPlatformSinglenodeExample 2022-08-01T17:48:33Z logger.go:66:                                 }
TestTerraformConfluentPlatformSinglenodeExample 2022-08-01T17:48:33Z logger.go:66:                               + annotations           = (known after apply)
TestTerraformConfluentPlatformSinglenodeExample 2022-08-01T17:48:33Z logger.go:66:                               + externalTrafficPolicy = (known after apply)
TestTerraformConfluentPlatformSinglenodeExample 2022-08-01T17:48:33Z logger.go:66:                               + host                  = (known after apply)
TestTerraformConfluentPlatformSinglenodeExample 2022-08-01T17:48:33Z logger.go:66:                               + labels                = (known after apply)
TestTerraformConfluentPlatformSinglenodeExample 2022-08-01T17:48:33Z logger.go:66:                               + nodePortOffset        = (known after apply)
TestTerraformConfluentPlatformSinglenodeExample 2022-08-01T17:48:33Z logger.go:66:                               + servicePorts          = (known after apply)
TestTerraformConfluentPlatformSinglenodeExample 2022-08-01T17:48:33Z logger.go:66:                               + sessionAffinity       = (known after apply)
TestTerraformConfluentPlatformSinglenodeExample 2022-08-01T17:48:33Z logger.go:66:                               + sessionAffinityConfig = {
TestTerraformConfluentPlatformSinglenodeExample 2022-08-01T17:48:33Z logger.go:66:                                   + clientIP = {
TestTerraformConfluentPlatformSinglenodeExample 2022-08-01T17:48:33Z logger.go:66:                                       + timeoutSeconds = (known after apply)
TestTerraformConfluentPlatformSinglenodeExample 2022-08-01T17:48:33Z logger.go:66:                                     }
TestTerraformConfluentPlatformSinglenodeExample 2022-08-01T17:48:33Z logger.go:66:                                 }
TestTerraformConfluentPlatformSinglenodeExample 2022-08-01T17:48:33Z logger.go:66:                             }
TestTerraformConfluentPlatformSinglenodeExample 2022-08-01T17:48:33Z logger.go:66:                           + route        = {
TestTerraformConfluentPlatformSinglenodeExample 2022-08-01T17:48:33Z logger.go:66:                               + annotations    = (known after apply)
TestTerraformConfluentPlatformSinglenodeExample 2022-08-01T17:48:33Z logger.go:66:                               + domain         = (known after apply)
TestTerraformConfluentPlatformSinglenodeExample 2022-08-01T17:48:33Z logger.go:66:                               + labels         = (known after apply)
TestTerraformConfluentPlatformSinglenodeExample 2022-08-01T17:48:33Z logger.go:66:                               + prefix         = (known after apply)
TestTerraformConfluentPlatformSinglenodeExample 2022-08-01T17:48:33Z logger.go:66:                               + wildcardPolicy = (known after apply)
TestTerraformConfluentPlatformSinglenodeExample 2022-08-01T17:48:33Z logger.go:66:                             }
TestTerraformConfluentPlatformSinglenodeExample 2022-08-01T17:48:33Z logger.go:66:                           + type         = (known after apply)
TestTerraformConfluentPlatformSinglenodeExample 2022-08-01T17:48:33Z logger.go:66:                         }
TestTerraformConfluentPlatformSinglenodeExample 2022-08-01T17:48:33Z logger.go:66:                       + provider       = {
TestTerraformConfluentPlatformSinglenodeExample 2022-08-01T17:48:33Z logger.go:66:                           + ldap = {
TestTerraformConfluentPlatformSinglenodeExample 2022-08-01T17:48:33Z logger.go:66:                               + address        = (known after apply)
TestTerraformConfluentPlatformSinglenodeExample 2022-08-01T17:48:33Z logger.go:66:                               + authentication = {
TestTerraformConfluentPlatformSinglenodeExample 2022-08-01T17:48:33Z logger.go:66:                                   + simple = {
TestTerraformConfluentPlatformSinglenodeExample 2022-08-01T17:48:33Z logger.go:66:                                       + directoryPathInContainer = (known after apply)
TestTerraformConfluentPlatformSinglenodeExample 2022-08-01T17:48:33Z logger.go:66:                                       + secretRef                = (known after apply)
TestTerraformConfluentPlatformSinglenodeExample 2022-08-01T17:48:33Z logger.go:66:                                     }
TestTerraformConfluentPlatformSinglenodeExample 2022-08-01T17:48:33Z logger.go:66:                                   + type   = (known after apply)
TestTerraformConfluentPlatformSinglenodeExample 2022-08-01T17:48:33Z logger.go:66:                                 }
TestTerraformConfluentPlatformSinglenodeExample 2022-08-01T17:48:33Z logger.go:66:                               + configurations = {
TestTerraformConfluentPlatformSinglenodeExample 2022-08-01T17:48:33Z logger.go:66:                                   + groupMemberAttribute         = (known after apply)
TestTerraformConfluentPlatformSinglenodeExample 2022-08-01T17:48:33Z logger.go:66:                                   + groupMemberAttributePattern  = (known after apply)
TestTerraformConfluentPlatformSinglenodeExample 2022-08-01T17:48:33Z logger.go:66:                                   + groupNameAttribute           = (known after apply)
TestTerraformConfluentPlatformSinglenodeExample 2022-08-01T17:48:33Z logger.go:66:                                   + groupObjectClass             = (known after apply)
TestTerraformConfluentPlatformSinglenodeExample 2022-08-01T17:48:33Z logger.go:66:                                   + groupSearchBase              = (known after apply)
TestTerraformConfluentPlatformSinglenodeExample 2022-08-01T17:48:33Z logger.go:66:                                   + groupSearchFilter            = (known after apply)
TestTerraformConfluentPlatformSinglenodeExample 2022-08-01T17:48:33Z logger.go:66:                                   + groupSearchScope             = (known after apply)
TestTerraformConfluentPlatformSinglenodeExample 2022-08-01T17:48:33Z logger.go:66:                                   + userMemberOfAttributePattern = (known after apply)
TestTerraformConfluentPlatformSinglenodeExample 2022-08-01T17:48:33Z logger.go:66:                                   + userNameAttribute            = (known after apply)
TestTerraformConfluentPlatformSinglenodeExample 2022-08-01T17:48:33Z logger.go:66:                                   + userObjectClass              = (known after apply)
TestTerraformConfluentPlatformSinglenodeExample 2022-08-01T17:48:33Z logger.go:66:                                   + userSearchBase               = (known after apply)
TestTerraformConfluentPlatformSinglenodeExample 2022-08-01T17:48:33Z logger.go:66:                                   + userSearchFilter             = (known after apply)
TestTerraformConfluentPlatformSinglenodeExample 2022-08-01T17:48:33Z logger.go:66:                                   + userSearchScope              = (known after apply)
TestTerraformConfluentPlatformSinglenodeExample 2022-08-01T17:48:33Z logger.go:66:                                 }
TestTerraformConfluentPlatformSinglenodeExample 2022-08-01T17:48:33Z logger.go:66:                               + tls            = {
TestTerraformConfluentPlatformSinglenodeExample 2022-08-01T17:48:33Z logger.go:66:                                   + directoryPathInContainer = (known after apply)
TestTerraformConfluentPlatformSinglenodeExample 2022-08-01T17:48:33Z logger.go:66:                                   + enabled                  = (known after apply)
TestTerraformConfluentPlatformSinglenodeExample 2022-08-01T17:48:33Z logger.go:66:                                   + ignoreTrustStoreConfig   = (known after apply)
TestTerraformConfluentPlatformSinglenodeExample 2022-08-01T17:48:33Z logger.go:66:                                   + jksPassword              = {
TestTerraformConfluentPlatformSinglenodeExample 2022-08-01T17:48:33Z logger.go:66:                                       + secretRef = (known after apply)
TestTerraformConfluentPlatformSinglenodeExample 2022-08-01T17:48:33Z logger.go:66:                                     }
TestTerraformConfluentPlatformSinglenodeExample 2022-08-01T17:48:33Z logger.go:66:                                   + secretRef                = (known after apply)
TestTerraformConfluentPlatformSinglenodeExample 2022-08-01T17:48:33Z logger.go:66:                                 }
TestTerraformConfluentPlatformSinglenodeExample 2022-08-01T17:48:33Z logger.go:66:                             }
TestTerraformConfluentPlatformSinglenodeExample 2022-08-01T17:48:33Z logger.go:66:                           + type = (known after apply)
TestTerraformConfluentPlatformSinglenodeExample 2022-08-01T17:48:33Z logger.go:66:                         }
TestTerraformConfluentPlatformSinglenodeExample 2022-08-01T17:48:33Z logger.go:66:                       + tls            = {
TestTerraformConfluentPlatformSinglenodeExample 2022-08-01T17:48:33Z logger.go:66:                           + directoryPathInContainer = (known after apply)
TestTerraformConfluentPlatformSinglenodeExample 2022-08-01T17:48:33Z logger.go:66:                           + enabled                  = (known after apply)
TestTerraformConfluentPlatformSinglenodeExample 2022-08-01T17:48:33Z logger.go:66:                           + ignoreTrustStoreConfig   = (known after apply)
TestTerraformConfluentPlatformSinglenodeExample 2022-08-01T17:48:33Z logger.go:66:                           + jksPassword              = {
TestTerraformConfluentPlatformSinglenodeExample 2022-08-01T17:48:33Z logger.go:66:                               + secretRef = (known after apply)
TestTerraformConfluentPlatformSinglenodeExample 2022-08-01T17:48:33Z logger.go:66:                             }
TestTerraformConfluentPlatformSinglenodeExample 2022-08-01T17:48:33Z logger.go:66:                           + secretRef                = (known after apply)
TestTerraformConfluentPlatformSinglenodeExample 2022-08-01T17:48:33Z logger.go:66:                         }
TestTerraformConfluentPlatformSinglenodeExample 2022-08-01T17:48:33Z logger.go:66:                       + tokenKeyPair   = {
TestTerraformConfluentPlatformSinglenodeExample 2022-08-01T17:48:33Z logger.go:66:                           + directoryPathInContainer = (known after apply)
TestTerraformConfluentPlatformSinglenodeExample 2022-08-01T17:48:33Z logger.go:66:                           + secretRef                = (known after apply)
TestTerraformConfluentPlatformSinglenodeExample 2022-08-01T17:48:33Z logger.go:66:                         }
TestTerraformConfluentPlatformSinglenodeExample 2022-08-01T17:48:33Z logger.go:66:                     }
TestTerraformConfluentPlatformSinglenodeExample 2022-08-01T17:48:33Z logger.go:66:                 }
TestTerraformConfluentPlatformSinglenodeExample 2022-08-01T17:48:33Z logger.go:66:               + storageClass       = {
TestTerraformConfluentPlatformSinglenodeExample 2022-08-01T17:48:33Z logger.go:66:                   + name = (known after apply)
TestTerraformConfluentPlatformSinglenodeExample 2022-08-01T17:48:33Z logger.go:66:                 }
TestTerraformConfluentPlatformSinglenodeExample 2022-08-01T17:48:33Z logger.go:66:               + telemetry          = {
TestTerraformConfluentPlatformSinglenodeExample 2022-08-01T17:48:33Z logger.go:66:                   + global = (known after apply)
TestTerraformConfluentPlatformSinglenodeExample 2022-08-01T17:48:33Z logger.go:66:                 }
TestTerraformConfluentPlatformSinglenodeExample 2022-08-01T17:48:33Z logger.go:66:               + tls                = {
TestTerraformConfluentPlatformSinglenodeExample 2022-08-01T17:48:33Z logger.go:66:                   + autoGeneratedCerts       = (known after apply)
TestTerraformConfluentPlatformSinglenodeExample 2022-08-01T17:48:33Z logger.go:66:                   + directoryPathInContainer = (known after apply)
TestTerraformConfluentPlatformSinglenodeExample 2022-08-01T17:48:33Z logger.go:66:                   + ignoreTrustStoreConfig   = (known after apply)
TestTerraformConfluentPlatformSinglenodeExample 2022-08-01T17:48:33Z logger.go:66:                   + jksPassword              = {
TestTerraformConfluentPlatformSinglenodeExample 2022-08-01T17:48:33Z logger.go:66:                       + secretRef = (known after apply)
TestTerraformConfluentPlatformSinglenodeExample 2022-08-01T17:48:33Z logger.go:66:                     }
TestTerraformConfluentPlatformSinglenodeExample 2022-08-01T17:48:33Z logger.go:66:                   + secretRef                = (known after apply)
TestTerraformConfluentPlatformSinglenodeExample 2022-08-01T17:48:33Z logger.go:66:                 }
TestTerraformConfluentPlatformSinglenodeExample 2022-08-01T17:48:33Z logger.go:66:             }
TestTerraformConfluentPlatformSinglenodeExample 2022-08-01T17:48:33Z logger.go:66:         }
TestTerraformConfluentPlatformSinglenodeExample 2022-08-01T17:48:33Z logger.go:66:
TestTerraformConfluentPlatformSinglenodeExample 2022-08-01T17:48:33Z logger.go:66:       + timeouts {
TestTerraformConfluentPlatformSinglenodeExample 2022-08-01T17:48:33Z logger.go:66:           + create = "1h"
TestTerraformConfluentPlatformSinglenodeExample 2022-08-01T17:48:33Z logger.go:66:           + delete = "10m"
TestTerraformConfluentPlatformSinglenodeExample 2022-08-01T17:48:33Z logger.go:66:           + update = "1h"
TestTerraformConfluentPlatformSinglenodeExample 2022-08-01T17:48:33Z logger.go:66:         }
TestTerraformConfluentPlatformSinglenodeExample 2022-08-01T17:48:33Z logger.go:66:
TestTerraformConfluentPlatformSinglenodeExample 2022-08-01T17:48:33Z logger.go:66:       + wait {
TestTerraformConfluentPlatformSinglenodeExample 2022-08-01T17:48:33Z logger.go:66:           + fields = {
TestTerraformConfluentPlatformSinglenodeExample 2022-08-01T17:48:33Z logger.go:66:               + "status.phase" = "RUNNING"
TestTerraformConfluentPlatformSinglenodeExample 2022-08-01T17:48:33Z logger.go:66:             }
TestTerraformConfluentPlatformSinglenodeExample 2022-08-01T17:48:33Z logger.go:66:         }
TestTerraformConfluentPlatformSinglenodeExample 2022-08-01T17:48:33Z logger.go:66:     }
TestTerraformConfluentPlatformSinglenodeExample 2022-08-01T17:48:33Z logger.go:66:
TestTerraformConfluentPlatformSinglenodeExample 2022-08-01T17:48:33Z logger.go:66:   # module.confluent_platform_singlenode.kubernetes_manifest.components["kafkarestproxy"] will be created
TestTerraformConfluentPlatformSinglenodeExample 2022-08-01T17:48:33Z logger.go:66:   + resource "kubernetes_manifest" "components" {
TestTerraformConfluentPlatformSinglenodeExample 2022-08-01T17:48:33Z logger.go:66:       + computed_fields = [
TestTerraformConfluentPlatformSinglenodeExample 2022-08-01T17:48:33Z logger.go:66:           + "metadata.finalizers",
TestTerraformConfluentPlatformSinglenodeExample 2022-08-01T17:48:33Z logger.go:66:         ]
TestTerraformConfluentPlatformSinglenodeExample 2022-08-01T17:48:33Z logger.go:66:       + manifest        = {
TestTerraformConfluentPlatformSinglenodeExample 2022-08-01T17:48:33Z logger.go:66:           + apiVersion = "platform.confluent.io/v1beta1"
TestTerraformConfluentPlatformSinglenodeExample 2022-08-01T17:48:33Z logger.go:66:           + kind       = "KafkaRestProxy"
TestTerraformConfluentPlatformSinglenodeExample 2022-08-01T17:48:33Z logger.go:66:           + metadata   = {
TestTerraformConfluentPlatformSinglenodeExample 2022-08-01T17:48:33Z logger.go:66:               + name      = "kafkarestproxy"
TestTerraformConfluentPlatformSinglenodeExample 2022-08-01T17:48:33Z logger.go:66:               + namespace = "confluent"
TestTerraformConfluentPlatformSinglenodeExample 2022-08-01T17:48:33Z logger.go:66:             }
TestTerraformConfluentPlatformSinglenodeExample 2022-08-01T17:48:33Z logger.go:66:           + spec       = {
TestTerraformConfluentPlatformSinglenodeExample 2022-08-01T17:48:33Z logger.go:66:               + dependencies = {
TestTerraformConfluentPlatformSinglenodeExample 2022-08-01T17:48:33Z logger.go:66:                   + schemaRegistry = {
TestTerraformConfluentPlatformSinglenodeExample 2022-08-01T17:48:33Z logger.go:66:                       + url = "http://schemaregistry.confluent.svc.cluster.local:8081"
TestTerraformConfluentPlatformSinglenodeExample 2022-08-01T17:48:33Z logger.go:66:                     }
TestTerraformConfluentPlatformSinglenodeExample 2022-08-01T17:48:33Z logger.go:66:                 }
TestTerraformConfluentPlatformSinglenodeExample 2022-08-01T17:48:33Z logger.go:66:               + image        = {
TestTerraformConfluentPlatformSinglenodeExample 2022-08-01T17:48:33Z logger.go:66:                   + application = "confluentinc/cp-kafka-rest:7.2.0"
TestTerraformConfluentPlatformSinglenodeExample 2022-08-01T17:48:33Z logger.go:66:                   + init        = "confluentinc/confluent-init-container:2.4.0"
TestTerraformConfluentPlatformSinglenodeExample 2022-08-01T17:48:33Z logger.go:66:                 }
TestTerraformConfluentPlatformSinglenodeExample 2022-08-01T17:48:33Z logger.go:66:               + podTemplate  = {
TestTerraformConfluentPlatformSinglenodeExample 2022-08-01T17:48:33Z logger.go:66:                   + podSecurityContext = {
TestTerraformConfluentPlatformSinglenodeExample 2022-08-01T17:48:33Z logger.go:66:                       + fsGroup      = 1000
TestTerraformConfluentPlatformSinglenodeExample 2022-08-01T17:48:33Z logger.go:66:                       + runAsNonRoot = true
TestTerraformConfluentPlatformSinglenodeExample 2022-08-01T17:48:33Z logger.go:66:                       + runAsUser    = 1000
TestTerraformConfluentPlatformSinglenodeExample 2022-08-01T17:48:33Z logger.go:66:                     }
TestTerraformConfluentPlatformSinglenodeExample 2022-08-01T17:48:33Z logger.go:66:                   + resources          = {
TestTerraformConfluentPlatformSinglenodeExample 2022-08-01T17:48:33Z logger.go:66:                       + requests = {
TestTerraformConfluentPlatformSinglenodeExample 2022-08-01T17:48:33Z logger.go:66:                           + cpu    = "100m"
TestTerraformConfluentPlatformSinglenodeExample 2022-08-01T17:48:33Z logger.go:66:                           + memory = "256Mi"
TestTerraformConfluentPlatformSinglenodeExample 2022-08-01T17:48:33Z logger.go:66:                         }
TestTerraformConfluentPlatformSinglenodeExample 2022-08-01T17:48:33Z logger.go:66:                     }
TestTerraformConfluentPlatformSinglenodeExample 2022-08-01T17:48:33Z logger.go:66:                 }
TestTerraformConfluentPlatformSinglenodeExample 2022-08-01T17:48:33Z logger.go:66:               + replicas     = 1
TestTerraformConfluentPlatformSinglenodeExample 2022-08-01T17:48:33Z logger.go:66:             }
TestTerraformConfluentPlatformSinglenodeExample 2022-08-01T17:48:33Z logger.go:66:         }
TestTerraformConfluentPlatformSinglenodeExample 2022-08-01T17:48:33Z logger.go:66:       + object          = {
TestTerraformConfluentPlatformSinglenodeExample 2022-08-01T17:48:33Z logger.go:66:           + apiVersion = "platform.confluent.io/v1beta1"
TestTerraformConfluentPlatformSinglenodeExample 2022-08-01T17:48:33Z logger.go:66:           + kind       = "KafkaRestProxy"
TestTerraformConfluentPlatformSinglenodeExample 2022-08-01T17:48:33Z logger.go:66:           + metadata   = {
TestTerraformConfluentPlatformSinglenodeExample 2022-08-01T17:48:33Z logger.go:66:               + annotations                = (known after apply)
TestTerraformConfluentPlatformSinglenodeExample 2022-08-01T17:48:33Z logger.go:66:               + clusterName                = (known after apply)
TestTerraformConfluentPlatformSinglenodeExample 2022-08-01T17:48:33Z logger.go:66:               + creationTimestamp          = (known after apply)
TestTerraformConfluentPlatformSinglenodeExample 2022-08-01T17:48:33Z logger.go:66:               + deletionGracePeriodSeconds = (known after apply)
TestTerraformConfluentPlatformSinglenodeExample 2022-08-01T17:48:33Z logger.go:66:               + deletionTimestamp          = (known after apply)
TestTerraformConfluentPlatformSinglenodeExample 2022-08-01T17:48:33Z logger.go:66:               + finalizers                 = (known after apply)
TestTerraformConfluentPlatformSinglenodeExample 2022-08-01T17:48:33Z logger.go:66:               + generateName               = (known after apply)
TestTerraformConfluentPlatformSinglenodeExample 2022-08-01T17:48:33Z logger.go:66:               + generation                 = (known after apply)
TestTerraformConfluentPlatformSinglenodeExample 2022-08-01T17:48:33Z logger.go:66:               + labels                     = (known after apply)
TestTerraformConfluentPlatformSinglenodeExample 2022-08-01T17:48:33Z logger.go:66:               + managedFields              = (known after apply)
TestTerraformConfluentPlatformSinglenodeExample 2022-08-01T17:48:33Z logger.go:66:               + name                       = "kafkarestproxy"
TestTerraformConfluentPlatformSinglenodeExample 2022-08-01T17:48:33Z logger.go:66:               + namespace                  = "confluent"
TestTerraformConfluentPlatformSinglenodeExample 2022-08-01T17:48:33Z logger.go:66:               + ownerReferences            = (known after apply)
TestTerraformConfluentPlatformSinglenodeExample 2022-08-01T17:48:33Z logger.go:66:               + resourceVersion            = (known after apply)
TestTerraformConfluentPlatformSinglenodeExample 2022-08-01T17:48:33Z logger.go:66:               + selfLink                   = (known after apply)
TestTerraformConfluentPlatformSinglenodeExample 2022-08-01T17:48:33Z logger.go:66:               + uid                        = (known after apply)
TestTerraformConfluentPlatformSinglenodeExample 2022-08-01T17:48:33Z logger.go:66:             }
TestTerraformConfluentPlatformSinglenodeExample 2022-08-01T17:48:33Z logger.go:66:           + spec       = {
TestTerraformConfluentPlatformSinglenodeExample 2022-08-01T17:48:33Z logger.go:66:               + authentication    = {
TestTerraformConfluentPlatformSinglenodeExample 2022-08-01T17:48:33Z logger.go:66:                   + basic = {
TestTerraformConfluentPlatformSinglenodeExample 2022-08-01T17:48:33Z logger.go:66:                       + debug                    = (known after apply)
TestTerraformConfluentPlatformSinglenodeExample 2022-08-01T17:48:33Z logger.go:66:                       + directoryPathInContainer = (known after apply)
TestTerraformConfluentPlatformSinglenodeExample 2022-08-01T17:48:33Z logger.go:66:                       + restrictedRoles          = (known after apply)
TestTerraformConfluentPlatformSinglenodeExample 2022-08-01T17:48:33Z logger.go:66:                       + roles                    = (known after apply)
TestTerraformConfluentPlatformSinglenodeExample 2022-08-01T17:48:33Z logger.go:66:                       + secretRef                = (known after apply)
TestTerraformConfluentPlatformSinglenodeExample 2022-08-01T17:48:33Z logger.go:66:                     }
TestTerraformConfluentPlatformSinglenodeExample 2022-08-01T17:48:33Z logger.go:66:                   + type  = (known after apply)
TestTerraformConfluentPlatformSinglenodeExample 2022-08-01T17:48:33Z logger.go:66:                 }
TestTerraformConfluentPlatformSinglenodeExample 2022-08-01T17:48:33Z logger.go:66:               + authorization     = {
TestTerraformConfluentPlatformSinglenodeExample 2022-08-01T17:48:33Z logger.go:66:                   + kafkaRestClassRef = {
TestTerraformConfluentPlatformSinglenodeExample 2022-08-01T17:48:33Z logger.go:66:                       + name      = (known after apply)
TestTerraformConfluentPlatformSinglenodeExample 2022-08-01T17:48:33Z logger.go:66:                       + namespace = (known after apply)
TestTerraformConfluentPlatformSinglenodeExample 2022-08-01T17:48:33Z logger.go:66:                     }
TestTerraformConfluentPlatformSinglenodeExample 2022-08-01T17:48:33Z logger.go:66:                   + type              = (known after apply)
TestTerraformConfluentPlatformSinglenodeExample 2022-08-01T17:48:33Z logger.go:66:                 }
TestTerraformConfluentPlatformSinglenodeExample 2022-08-01T17:48:33Z logger.go:66:               + configOverrides   = {
TestTerraformConfluentPlatformSinglenodeExample 2022-08-01T17:48:33Z logger.go:66:                   + jvm    = (known after apply)
TestTerraformConfluentPlatformSinglenodeExample 2022-08-01T17:48:33Z logger.go:66:                   + log4j  = (known after apply)
TestTerraformConfluentPlatformSinglenodeExample 2022-08-01T17:48:33Z logger.go:66:                   + server = (known after apply)
TestTerraformConfluentPlatformSinglenodeExample 2022-08-01T17:48:33Z logger.go:66:                 }
TestTerraformConfluentPlatformSinglenodeExample 2022-08-01T17:48:33Z logger.go:66:               + dependencies      = {
TestTerraformConfluentPlatformSinglenodeExample 2022-08-01T17:48:33Z logger.go:66:                   + interceptor    = {
TestTerraformConfluentPlatformSinglenodeExample 2022-08-01T17:48:33Z logger.go:66:                       + configs   = (known after apply)
TestTerraformConfluentPlatformSinglenodeExample 2022-08-01T17:48:33Z logger.go:66:                       + consumer  = {
TestTerraformConfluentPlatformSinglenodeExample 2022-08-01T17:48:33Z logger.go:66:                           + authentication    = {
TestTerraformConfluentPlatformSinglenodeExample 2022-08-01T17:48:33Z logger.go:66:                               + jaasConfig            = {
TestTerraformConfluentPlatformSinglenodeExample 2022-08-01T17:48:33Z logger.go:66:                                   + secretRef = (known after apply)
TestTerraformConfluentPlatformSinglenodeExample 2022-08-01T17:48:33Z logger.go:66:                                 }
TestTerraformConfluentPlatformSinglenodeExample 2022-08-01T17:48:33Z logger.go:66:                               + jaasConfigPassThrough = {
TestTerraformConfluentPlatformSinglenodeExample 2022-08-01T17:48:33Z logger.go:66:                                   + directoryPathInContainer = (known after apply)
TestTerraformConfluentPlatformSinglenodeExample 2022-08-01T17:48:33Z logger.go:66:                                   + secretRef                = (known after apply)
TestTerraformConfluentPlatformSinglenodeExample 2022-08-01T17:48:33Z logger.go:66:                                 }
TestTerraformConfluentPlatformSinglenodeExample 2022-08-01T17:48:33Z logger.go:66:                               + oauthbearer           = {
TestTerraformConfluentPlatformSinglenodeExample 2022-08-01T17:48:33Z logger.go:66:                                   + directoryPathInContainer = (known after apply)
TestTerraformConfluentPlatformSinglenodeExample 2022-08-01T17:48:33Z logger.go:66:                                   + secretRef                = (known after apply)
TestTerraformConfluentPlatformSinglenodeExample 2022-08-01T17:48:33Z logger.go:66:                                 }
TestTerraformConfluentPlatformSinglenodeExample 2022-08-01T17:48:33Z logger.go:66:                               + type                  = (known after apply)
TestTerraformConfluentPlatformSinglenodeExample 2022-08-01T17:48:33Z logger.go:66:                             }
TestTerraformConfluentPlatformSinglenodeExample 2022-08-01T17:48:33Z logger.go:66:                           + bootstrapEndpoint = (known after apply)
TestTerraformConfluentPlatformSinglenodeExample 2022-08-01T17:48:33Z logger.go:66:                           + discovery         = {
TestTerraformConfluentPlatformSinglenodeExample 2022-08-01T17:48:33Z logger.go:66:                               + name      = (known after apply)
TestTerraformConfluentPlatformSinglenodeExample 2022-08-01T17:48:33Z logger.go:66:                               + namespace = (known after apply)
TestTerraformConfluentPlatformSinglenodeExample 2022-08-01T17:48:33Z logger.go:66:                               + secretRef = (known after apply)
TestTerraformConfluentPlatformSinglenodeExample 2022-08-01T17:48:33Z logger.go:66:                             }
TestTerraformConfluentPlatformSinglenodeExample 2022-08-01T17:48:33Z logger.go:66:                           + tls               = {
TestTerraformConfluentPlatformSinglenodeExample 2022-08-01T17:48:33Z logger.go:66:                               + directoryPathInContainer = (known after apply)
TestTerraformConfluentPlatformSinglenodeExample 2022-08-01T17:48:33Z logger.go:66:                               + enabled                  = (known after apply)
TestTerraformConfluentPlatformSinglenodeExample 2022-08-01T17:48:33Z logger.go:66:                               + ignoreTrustStoreConfig   = (known after apply)
TestTerraformConfluentPlatformSinglenodeExample 2022-08-01T17:48:33Z logger.go:66:                               + jksPassword              = {
TestTerraformConfluentPlatformSinglenodeExample 2022-08-01T17:48:33Z logger.go:66:                                   + secretRef = (known after apply)
TestTerraformConfluentPlatformSinglenodeExample 2022-08-01T17:48:33Z logger.go:66:                                 }
TestTerraformConfluentPlatformSinglenodeExample 2022-08-01T17:48:33Z logger.go:66:                               + secretRef                = (known after apply)
TestTerraformConfluentPlatformSinglenodeExample 2022-08-01T17:48:33Z logger.go:66:                             }
TestTerraformConfluentPlatformSinglenodeExample 2022-08-01T17:48:33Z logger.go:66:                         }
TestTerraformConfluentPlatformSinglenodeExample 2022-08-01T17:48:33Z logger.go:66:                       + enabled   = (known after apply)
TestTerraformConfluentPlatformSinglenodeExample 2022-08-01T17:48:33Z logger.go:66:                       + producer  = {
TestTerraformConfluentPlatformSinglenodeExample 2022-08-01T17:48:33Z logger.go:66:                           + authentication    = {
TestTerraformConfluentPlatformSinglenodeExample 2022-08-01T17:48:33Z logger.go:66:                               + jaasConfig            = {
TestTerraformConfluentPlatformSinglenodeExample 2022-08-01T17:48:33Z logger.go:66:                                   + secretRef = (known after apply)
TestTerraformConfluentPlatformSinglenodeExample 2022-08-01T17:48:33Z logger.go:66:                                 }
TestTerraformConfluentPlatformSinglenodeExample 2022-08-01T17:48:33Z logger.go:66:                               + jaasConfigPassThrough = {
TestTerraformConfluentPlatformSinglenodeExample 2022-08-01T17:48:33Z logger.go:66:                                   + directoryPathInContainer = (known after apply)
TestTerraformConfluentPlatformSinglenodeExample 2022-08-01T17:48:33Z logger.go:66:                                   + secretRef                = (known after apply)
TestTerraformConfluentPlatformSinglenodeExample 2022-08-01T17:48:33Z logger.go:66:                                 }
TestTerraformConfluentPlatformSinglenodeExample 2022-08-01T17:48:33Z logger.go:66:                               + oauthbearer           = {
TestTerraformConfluentPlatformSinglenodeExample 2022-08-01T17:48:33Z logger.go:66:                                   + directoryPathInContainer = (known after apply)
TestTerraformConfluentPlatformSinglenodeExample 2022-08-01T17:48:33Z logger.go:66:                                   + secretRef                = (known after apply)
TestTerraformConfluentPlatformSinglenodeExample 2022-08-01T17:48:33Z logger.go:66:                                 }
TestTerraformConfluentPlatformSinglenodeExample 2022-08-01T17:48:33Z logger.go:66:                               + type                  = (known after apply)
TestTerraformConfluentPlatformSinglenodeExample 2022-08-01T17:48:33Z logger.go:66:                             }
TestTerraformConfluentPlatformSinglenodeExample 2022-08-01T17:48:33Z logger.go:66:                           + bootstrapEndpoint = (known after apply)
TestTerraformConfluentPlatformSinglenodeExample 2022-08-01T17:48:33Z logger.go:66:                           + discovery         = {
TestTerraformConfluentPlatformSinglenodeExample 2022-08-01T17:48:33Z logger.go:66:                               + name      = (known after apply)
TestTerraformConfluentPlatformSinglenodeExample 2022-08-01T17:48:33Z logger.go:66:                               + namespace = (known after apply)
TestTerraformConfluentPlatformSinglenodeExample 2022-08-01T17:48:33Z logger.go:66:                               + secretRef = (known after apply)
TestTerraformConfluentPlatformSinglenodeExample 2022-08-01T17:48:33Z logger.go:66:                             }
TestTerraformConfluentPlatformSinglenodeExample 2022-08-01T17:48:33Z logger.go:66:                           + tls               = {
TestTerraformConfluentPlatformSinglenodeExample 2022-08-01T17:48:33Z logger.go:66:                               + directoryPathInContainer = (known after apply)
TestTerraformConfluentPlatformSinglenodeExample 2022-08-01T17:48:33Z logger.go:66:                               + enabled                  = (known after apply)
TestTerraformConfluentPlatformSinglenodeExample 2022-08-01T17:48:33Z logger.go:66:                               + ignoreTrustStoreConfig   = (known after apply)
TestTerraformConfluentPlatformSinglenodeExample 2022-08-01T17:48:33Z logger.go:66:                               + jksPassword              = {
TestTerraformConfluentPlatformSinglenodeExample 2022-08-01T17:48:33Z logger.go:66:                                   + secretRef = (known after apply)
TestTerraformConfluentPlatformSinglenodeExample 2022-08-01T17:48:33Z logger.go:66:                                 }
TestTerraformConfluentPlatformSinglenodeExample 2022-08-01T17:48:33Z logger.go:66:                               + secretRef                = (known after apply)
TestTerraformConfluentPlatformSinglenodeExample 2022-08-01T17:48:33Z logger.go:66:                             }
TestTerraformConfluentPlatformSinglenodeExample 2022-08-01T17:48:33Z logger.go:66:                         }
TestTerraformConfluentPlatformSinglenodeExample 2022-08-01T17:48:33Z logger.go:66:                       + publishMs = (known after apply)
TestTerraformConfluentPlatformSinglenodeExample 2022-08-01T17:48:33Z logger.go:66:                     }
TestTerraformConfluentPlatformSinglenodeExample 2022-08-01T17:48:33Z logger.go:66:                   + kafka          = {
TestTerraformConfluentPlatformSinglenodeExample 2022-08-01T17:48:33Z logger.go:66:                       + authentication    = {
TestTerraformConfluentPlatformSinglenodeExample 2022-08-01T17:48:33Z logger.go:66:                           + jaasConfig            = {
TestTerraformConfluentPlatformSinglenodeExample 2022-08-01T17:48:33Z logger.go:66:                               + secretRef = (known after apply)
TestTerraformConfluentPlatformSinglenodeExample 2022-08-01T17:48:33Z logger.go:66:                             }
TestTerraformConfluentPlatformSinglenodeExample 2022-08-01T17:48:33Z logger.go:66:                           + jaasConfigPassThrough = {
TestTerraformConfluentPlatformSinglenodeExample 2022-08-01T17:48:33Z logger.go:66:                               + directoryPathInContainer = (known after apply)
TestTerraformConfluentPlatformSinglenodeExample 2022-08-01T17:48:33Z logger.go:66:                               + secretRef                = (known after apply)
TestTerraformConfluentPlatformSinglenodeExample 2022-08-01T17:48:33Z logger.go:66:                             }
TestTerraformConfluentPlatformSinglenodeExample 2022-08-01T17:48:33Z logger.go:66:                           + oauthbearer           = {
TestTerraformConfluentPlatformSinglenodeExample 2022-08-01T17:48:33Z logger.go:66:                               + directoryPathInContainer = (known after apply)
TestTerraformConfluentPlatformSinglenodeExample 2022-08-01T17:48:33Z logger.go:66:                               + secretRef                = (known after apply)
TestTerraformConfluentPlatformSinglenodeExample 2022-08-01T17:48:33Z logger.go:66:                             }
TestTerraformConfluentPlatformSinglenodeExample 2022-08-01T17:48:33Z logger.go:66:                           + type                  = (known after apply)
TestTerraformConfluentPlatformSinglenodeExample 2022-08-01T17:48:33Z logger.go:66:                         }
TestTerraformConfluentPlatformSinglenodeExample 2022-08-01T17:48:33Z logger.go:66:                       + bootstrapEndpoint = (known after apply)
TestTerraformConfluentPlatformSinglenodeExample 2022-08-01T17:48:33Z logger.go:66:                       + discovery         = {
TestTerraformConfluentPlatformSinglenodeExample 2022-08-01T17:48:33Z logger.go:66:                           + name      = (known after apply)
TestTerraformConfluentPlatformSinglenodeExample 2022-08-01T17:48:33Z logger.go:66:                           + namespace = (known after apply)
TestTerraformConfluentPlatformSinglenodeExample 2022-08-01T17:48:33Z logger.go:66:                           + secretRef = (known after apply)
TestTerraformConfluentPlatformSinglenodeExample 2022-08-01T17:48:33Z logger.go:66:                         }
TestTerraformConfluentPlatformSinglenodeExample 2022-08-01T17:48:33Z logger.go:66:                       + tls               = {
TestTerraformConfluentPlatformSinglenodeExample 2022-08-01T17:48:33Z logger.go:66:                           + directoryPathInContainer = (known after apply)
TestTerraformConfluentPlatformSinglenodeExample 2022-08-01T17:48:33Z logger.go:66:                           + enabled                  = (known after apply)
TestTerraformConfluentPlatformSinglenodeExample 2022-08-01T17:48:33Z logger.go:66:                           + ignoreTrustStoreConfig   = (known after apply)
TestTerraformConfluentPlatformSinglenodeExample 2022-08-01T17:48:33Z logger.go:66:                           + jksPassword              = {
TestTerraformConfluentPlatformSinglenodeExample 2022-08-01T17:48:33Z logger.go:66:                               + secretRef = (known after apply)
TestTerraformConfluentPlatformSinglenodeExample 2022-08-01T17:48:33Z logger.go:66:                             }
TestTerraformConfluentPlatformSinglenodeExample 2022-08-01T17:48:33Z logger.go:66:                           + secretRef                = (known after apply)
TestTerraformConfluentPlatformSinglenodeExample 2022-08-01T17:48:33Z logger.go:66:                         }
TestTerraformConfluentPlatformSinglenodeExample 2022-08-01T17:48:33Z logger.go:66:                     }
TestTerraformConfluentPlatformSinglenodeExample 2022-08-01T17:48:33Z logger.go:66:                   + mds            = {
TestTerraformConfluentPlatformSinglenodeExample 2022-08-01T17:48:33Z logger.go:66:                       + authentication = {
TestTerraformConfluentPlatformSinglenodeExample 2022-08-01T17:48:33Z logger.go:66:                           + bearer = {
TestTerraformConfluentPlatformSinglenodeExample 2022-08-01T17:48:33Z logger.go:66:                               + directoryPathInContainer = (known after apply)
TestTerraformConfluentPlatformSinglenodeExample 2022-08-01T17:48:33Z logger.go:66:                               + secretRef                = (known after apply)
TestTerraformConfluentPlatformSinglenodeExample 2022-08-01T17:48:33Z logger.go:66:                             }
TestTerraformConfluentPlatformSinglenodeExample 2022-08-01T17:48:33Z logger.go:66:                           + type   = (known after apply)
TestTerraformConfluentPlatformSinglenodeExample 2022-08-01T17:48:33Z logger.go:66:                         }
TestTerraformConfluentPlatformSinglenodeExample 2022-08-01T17:48:33Z logger.go:66:                       + endpoint       = (known after apply)
TestTerraformConfluentPlatformSinglenodeExample 2022-08-01T17:48:33Z logger.go:66:                       + tls            = {
TestTerraformConfluentPlatformSinglenodeExample 2022-08-01T17:48:33Z logger.go:66:                           + directoryPathInContainer = (known after apply)
TestTerraformConfluentPlatformSinglenodeExample 2022-08-01T17:48:33Z logger.go:66:                           + enabled                  = (known after apply)
TestTerraformConfluentPlatformSinglenodeExample 2022-08-01T17:48:33Z logger.go:66:                           + ignoreTrustStoreConfig   = (known after apply)
TestTerraformConfluentPlatformSinglenodeExample 2022-08-01T17:48:33Z logger.go:66:                           + jksPassword              = {
TestTerraformConfluentPlatformSinglenodeExample 2022-08-01T17:48:33Z logger.go:66:                               + secretRef = (known after apply)
TestTerraformConfluentPlatformSinglenodeExample 2022-08-01T17:48:33Z logger.go:66:                             }
TestTerraformConfluentPlatformSinglenodeExample 2022-08-01T17:48:33Z logger.go:66:                           + secretRef                = (known after apply)
TestTerraformConfluentPlatformSinglenodeExample 2022-08-01T17:48:33Z logger.go:66:                         }
TestTerraformConfluentPlatformSinglenodeExample 2022-08-01T17:48:33Z logger.go:66:                       + tokenKeyPair   = {
TestTerraformConfluentPlatformSinglenodeExample 2022-08-01T17:48:33Z logger.go:66:                           + directoryPathInContainer = (known after apply)
TestTerraformConfluentPlatformSinglenodeExample 2022-08-01T17:48:33Z logger.go:66:                           + secretRef                = (known after apply)
TestTerraformConfluentPlatformSinglenodeExample 2022-08-01T17:48:33Z logger.go:66:                         }
TestTerraformConfluentPlatformSinglenodeExample 2022-08-01T17:48:33Z logger.go:66:                     }
TestTerraformConfluentPlatformSinglenodeExample 2022-08-01T17:48:33Z logger.go:66:                   + schemaRegistry = {
TestTerraformConfluentPlatformSinglenodeExample 2022-08-01T17:48:33Z logger.go:66:                       + authentication = {
TestTerraformConfluentPlatformSinglenodeExample 2022-08-01T17:48:33Z logger.go:66:                           + basic = {
TestTerraformConfluentPlatformSinglenodeExample 2022-08-01T17:48:33Z logger.go:66:                               + debug                    = (known after apply)
TestTerraformConfluentPlatformSinglenodeExample 2022-08-01T17:48:33Z logger.go:66:                               + directoryPathInContainer = (known after apply)
TestTerraformConfluentPlatformSinglenodeExample 2022-08-01T17:48:33Z logger.go:66:                               + restrictedRoles          = (known after apply)
TestTerraformConfluentPlatformSinglenodeExample 2022-08-01T17:48:33Z logger.go:66:                               + roles                    = (known after apply)
TestTerraformConfluentPlatformSinglenodeExample 2022-08-01T17:48:33Z logger.go:66:                               + secretRef                = (known after apply)
TestTerraformConfluentPlatformSinglenodeExample 2022-08-01T17:48:33Z logger.go:66:                             }
TestTerraformConfluentPlatformSinglenodeExample 2022-08-01T17:48:33Z logger.go:66:                           + type  = (known after apply)
TestTerraformConfluentPlatformSinglenodeExample 2022-08-01T17:48:33Z logger.go:66:                         }
TestTerraformConfluentPlatformSinglenodeExample 2022-08-01T17:48:33Z logger.go:66:                       + tls            = {
TestTerraformConfluentPlatformSinglenodeExample 2022-08-01T17:48:33Z logger.go:66:                           + directoryPathInContainer = (known after apply)
TestTerraformConfluentPlatformSinglenodeExample 2022-08-01T17:48:33Z logger.go:66:                           + enabled                  = (known after apply)
TestTerraformConfluentPlatformSinglenodeExample 2022-08-01T17:48:33Z logger.go:66:                           + ignoreTrustStoreConfig   = (known after apply)
TestTerraformConfluentPlatformSinglenodeExample 2022-08-01T17:48:33Z logger.go:66:                           + jksPassword              = {
TestTerraformConfluentPlatformSinglenodeExample 2022-08-01T17:48:33Z logger.go:66:                               + secretRef = (known after apply)
TestTerraformConfluentPlatformSinglenodeExample 2022-08-01T17:48:33Z logger.go:66:                             }
TestTerraformConfluentPlatformSinglenodeExample 2022-08-01T17:48:33Z logger.go:66:                           + secretRef                = (known after apply)
TestTerraformConfluentPlatformSinglenodeExample 2022-08-01T17:48:33Z logger.go:66:                         }
TestTerraformConfluentPlatformSinglenodeExample 2022-08-01T17:48:33Z logger.go:66:                       + url            = "http://schemaregistry.confluent.svc.cluster.local:8081"
TestTerraformConfluentPlatformSinglenodeExample 2022-08-01T17:48:33Z logger.go:66:                     }
TestTerraformConfluentPlatformSinglenodeExample 2022-08-01T17:48:33Z logger.go:66:                 }
TestTerraformConfluentPlatformSinglenodeExample 2022-08-01T17:48:33Z logger.go:66:               + externalAccess    = {
TestTerraformConfluentPlatformSinglenodeExample 2022-08-01T17:48:33Z logger.go:66:                   + loadBalancer = {
TestTerraformConfluentPlatformSinglenodeExample 2022-08-01T17:48:33Z logger.go:66:                       + advertisedURL            = {
TestTerraformConfluentPlatformSinglenodeExample 2022-08-01T17:48:33Z logger.go:66:                           + enabled = (known after apply)
TestTerraformConfluentPlatformSinglenodeExample 2022-08-01T17:48:33Z logger.go:66:                           + prefix  = (known after apply)
TestTerraformConfluentPlatformSinglenodeExample 2022-08-01T17:48:33Z logger.go:66:                         }
TestTerraformConfluentPlatformSinglenodeExample 2022-08-01T17:48:33Z logger.go:66:                       + annotations              = (known after apply)
TestTerraformConfluentPlatformSinglenodeExample 2022-08-01T17:48:33Z logger.go:66:                       + domain                   = (known after apply)
TestTerraformConfluentPlatformSinglenodeExample 2022-08-01T17:48:33Z logger.go:66:                       + externalTrafficPolicy    = (known after apply)
TestTerraformConfluentPlatformSinglenodeExample 2022-08-01T17:48:33Z logger.go:66:                       + labels                   = (known after apply)
TestTerraformConfluentPlatformSinglenodeExample 2022-08-01T17:48:33Z logger.go:66:                       + loadBalancerSourceRanges = (known after apply)
TestTerraformConfluentPlatformSinglenodeExample 2022-08-01T17:48:33Z logger.go:66:                       + port                     = (known after apply)
TestTerraformConfluentPlatformSinglenodeExample 2022-08-01T17:48:33Z logger.go:66:                       + prefix                   = (known after apply)
TestTerraformConfluentPlatformSinglenodeExample 2022-08-01T17:48:33Z logger.go:66:                       + servicePorts             = (known after apply)
TestTerraformConfluentPlatformSinglenodeExample 2022-08-01T17:48:33Z logger.go:66:                       + sessionAffinity          = (known after apply)
TestTerraformConfluentPlatformSinglenodeExample 2022-08-01T17:48:33Z logger.go:66:                       + sessionAffinityConfig    = {
TestTerraformConfluentPlatformSinglenodeExample 2022-08-01T17:48:33Z logger.go:66:                           + clientIP = {
TestTerraformConfluentPlatformSinglenodeExample 2022-08-01T17:48:33Z logger.go:66:                               + timeoutSeconds = (known after apply)
TestTerraformConfluentPlatformSinglenodeExample 2022-08-01T17:48:33Z logger.go:66:                             }
TestTerraformConfluentPlatformSinglenodeExample 2022-08-01T17:48:33Z logger.go:66:                         }
TestTerraformConfluentPlatformSinglenodeExample 2022-08-01T17:48:33Z logger.go:66:                     }
TestTerraformConfluentPlatformSinglenodeExample 2022-08-01T17:48:33Z logger.go:66:                   + nodePort     = {
TestTerraformConfluentPlatformSinglenodeExample 2022-08-01T17:48:33Z logger.go:66:                       + advertisedURL         = {
TestTerraformConfluentPlatformSinglenodeExample 2022-08-01T17:48:33Z logger.go:66:                           + enabled = (known after apply)
TestTerraformConfluentPlatformSinglenodeExample 2022-08-01T17:48:33Z logger.go:66:                           + prefix  = (known after apply)
TestTerraformConfluentPlatformSinglenodeExample 2022-08-01T17:48:33Z logger.go:66:                         }
TestTerraformConfluentPlatformSinglenodeExample 2022-08-01T17:48:33Z logger.go:66:                       + annotations           = (known after apply)
TestTerraformConfluentPlatformSinglenodeExample 2022-08-01T17:48:33Z logger.go:66:                       + externalTrafficPolicy = (known after apply)
TestTerraformConfluentPlatformSinglenodeExample 2022-08-01T17:48:33Z logger.go:66:                       + host                  = (known after apply)
TestTerraformConfluentPlatformSinglenodeExample 2022-08-01T17:48:33Z logger.go:66:                       + labels                = (known after apply)
TestTerraformConfluentPlatformSinglenodeExample 2022-08-01T17:48:33Z logger.go:66:                       + nodePortOffset        = (known after apply)
TestTerraformConfluentPlatformSinglenodeExample 2022-08-01T17:48:33Z logger.go:66:                       + servicePorts          = (known after apply)
TestTerraformConfluentPlatformSinglenodeExample 2022-08-01T17:48:33Z logger.go:66:                       + sessionAffinity       = (known after apply)
TestTerraformConfluentPlatformSinglenodeExample 2022-08-01T17:48:33Z logger.go:66:                       + sessionAffinityConfig = {
TestTerraformConfluentPlatformSinglenodeExample 2022-08-01T17:48:33Z logger.go:66:                           + clientIP = {
TestTerraformConfluentPlatformSinglenodeExample 2022-08-01T17:48:33Z logger.go:66:                               + timeoutSeconds = (known after apply)
TestTerraformConfluentPlatformSinglenodeExample 2022-08-01T17:48:33Z logger.go:66:                             }
TestTerraformConfluentPlatformSinglenodeExample 2022-08-01T17:48:33Z logger.go:66:                         }
TestTerraformConfluentPlatformSinglenodeExample 2022-08-01T17:48:33Z logger.go:66:                     }
TestTerraformConfluentPlatformSinglenodeExample 2022-08-01T17:48:33Z logger.go:66:                   + route        = {
TestTerraformConfluentPlatformSinglenodeExample 2022-08-01T17:48:33Z logger.go:66:                       + annotations    = (known after apply)
TestTerraformConfluentPlatformSinglenodeExample 2022-08-01T17:48:33Z logger.go:66:                       + domain         = (known after apply)
TestTerraformConfluentPlatformSinglenodeExample 2022-08-01T17:48:33Z logger.go:66:                       + labels         = (known after apply)
TestTerraformConfluentPlatformSinglenodeExample 2022-08-01T17:48:33Z logger.go:66:                       + prefix         = (known after apply)
TestTerraformConfluentPlatformSinglenodeExample 2022-08-01T17:48:33Z logger.go:66:                       + wildcardPolicy = (known after apply)
TestTerraformConfluentPlatformSinglenodeExample 2022-08-01T17:48:33Z logger.go:66:                     }
TestTerraformConfluentPlatformSinglenodeExample 2022-08-01T17:48:33Z logger.go:66:                   + type         = (known after apply)
TestTerraformConfluentPlatformSinglenodeExample 2022-08-01T17:48:33Z logger.go:66:                 }
TestTerraformConfluentPlatformSinglenodeExample 2022-08-01T17:48:33Z logger.go:66:               + headlessService   = {
TestTerraformConfluentPlatformSinglenodeExample 2022-08-01T17:48:33Z logger.go:66:                   + annotations              = (known after apply)
TestTerraformConfluentPlatformSinglenodeExample 2022-08-01T17:48:33Z logger.go:66:                   + labels                   = (known after apply)
TestTerraformConfluentPlatformSinglenodeExample 2022-08-01T17:48:33Z logger.go:66:                   + publishNotReadyAddresses = (known after apply)
TestTerraformConfluentPlatformSinglenodeExample 2022-08-01T17:48:33Z logger.go:66:                 }
TestTerraformConfluentPlatformSinglenodeExample 2022-08-01T17:48:33Z logger.go:66:               + image             = {
TestTerraformConfluentPlatformSinglenodeExample 2022-08-01T17:48:33Z logger.go:66:                   + application   = "confluentinc/cp-kafka-rest:7.2.0"
TestTerraformConfluentPlatformSinglenodeExample 2022-08-01T17:48:33Z logger.go:66:                   + init          = "confluentinc/confluent-init-container:2.4.0"
TestTerraformConfluentPlatformSinglenodeExample 2022-08-01T17:48:33Z logger.go:66:                   + pullPolicy    = (known after apply)
TestTerraformConfluentPlatformSinglenodeExample 2022-08-01T17:48:33Z logger.go:66:                   + pullSecretRef = (known after apply)
TestTerraformConfluentPlatformSinglenodeExample 2022-08-01T17:48:33Z logger.go:66:                 }
TestTerraformConfluentPlatformSinglenodeExample 2022-08-01T17:48:33Z logger.go:66:               + injectAnnotations = (known after apply)
TestTerraformConfluentPlatformSinglenodeExample 2022-08-01T17:48:33Z logger.go:66:               + injectLabels      = (known after apply)
TestTerraformConfluentPlatformSinglenodeExample 2022-08-01T17:48:33Z logger.go:66:               + k8sClusterDomain  = (known after apply)
TestTerraformConfluentPlatformSinglenodeExample 2022-08-01T17:48:33Z logger.go:66:               + license           = {
TestTerraformConfluentPlatformSinglenodeExample 2022-08-01T17:48:33Z logger.go:66:                   + directoryPathInContainer = (known after apply)
TestTerraformConfluentPlatformSinglenodeExample 2022-08-01T17:48:33Z logger.go:66:                   + globalLicense            = (known after apply)
TestTerraformConfluentPlatformSinglenodeExample 2022-08-01T17:48:33Z logger.go:66:                   + secretRef                = (known after apply)
TestTerraformConfluentPlatformSinglenodeExample 2022-08-01T17:48:33Z logger.go:66:                 }
TestTerraformConfluentPlatformSinglenodeExample 2022-08-01T17:48:33Z logger.go:66:               + metrics           = {
TestTerraformConfluentPlatformSinglenodeExample 2022-08-01T17:48:33Z logger.go:66:                   + authentication = {
TestTerraformConfluentPlatformSinglenodeExample 2022-08-01T17:48:33Z logger.go:66:                       + type = (known after apply)
TestTerraformConfluentPlatformSinglenodeExample 2022-08-01T17:48:33Z logger.go:66:                     }
TestTerraformConfluentPlatformSinglenodeExample 2022-08-01T17:48:33Z logger.go:66:                   + prometheus     = {
TestTerraformConfluentPlatformSinglenodeExample 2022-08-01T17:48:33Z logger.go:66:                       + blacklist = (known after apply)
TestTerraformConfluentPlatformSinglenodeExample 2022-08-01T17:48:33Z logger.go:66:                       + rules     = (known after apply)
TestTerraformConfluentPlatformSinglenodeExample 2022-08-01T17:48:33Z logger.go:66:                       + whitelist = (known after apply)
TestTerraformConfluentPlatformSinglenodeExample 2022-08-01T17:48:33Z logger.go:66:                     }
TestTerraformConfluentPlatformSinglenodeExample 2022-08-01T17:48:33Z logger.go:66:                   + tls            = {
TestTerraformConfluentPlatformSinglenodeExample 2022-08-01T17:48:33Z logger.go:66:                       + directoryPathInContainer = (known after apply)
TestTerraformConfluentPlatformSinglenodeExample 2022-08-01T17:48:33Z logger.go:66:                       + enabled                  = (known after apply)
TestTerraformConfluentPlatformSinglenodeExample 2022-08-01T17:48:33Z logger.go:66:                       + ignoreTrustStoreConfig   = (known after apply)
TestTerraformConfluentPlatformSinglenodeExample 2022-08-01T17:48:33Z logger.go:66:                       + jksPassword              = {
TestTerraformConfluentPlatformSinglenodeExample 2022-08-01T17:48:33Z logger.go:66:                           + secretRef = (known after apply)
TestTerraformConfluentPlatformSinglenodeExample 2022-08-01T17:48:33Z logger.go:66:                         }
TestTerraformConfluentPlatformSinglenodeExample 2022-08-01T17:48:33Z logger.go:66:                       + secretRef                = (known after apply)
TestTerraformConfluentPlatformSinglenodeExample 2022-08-01T17:48:33Z logger.go:66:                     }
TestTerraformConfluentPlatformSinglenodeExample 2022-08-01T17:48:33Z logger.go:66:                 }
TestTerraformConfluentPlatformSinglenodeExample 2022-08-01T17:48:33Z logger.go:66:               + mountedSecrets    = (known after apply)
TestTerraformConfluentPlatformSinglenodeExample 2022-08-01T17:48:33Z logger.go:66:               + mountedVolumes    = {
TestTerraformConfluentPlatformSinglenodeExample 2022-08-01T17:48:33Z logger.go:66:                   + volumeMounts = (known after apply)
TestTerraformConfluentPlatformSinglenodeExample 2022-08-01T17:48:33Z logger.go:66:                   + volumes      = (known after apply)
TestTerraformConfluentPlatformSinglenodeExample 2022-08-01T17:48:33Z logger.go:66:                 }
TestTerraformConfluentPlatformSinglenodeExample 2022-08-01T17:48:33Z logger.go:66:               + oneReplicaPerNode = (known after apply)
TestTerraformConfluentPlatformSinglenodeExample 2022-08-01T17:48:33Z logger.go:66:               + podTemplate       = {
TestTerraformConfluentPlatformSinglenodeExample 2022-08-01T17:48:33Z logger.go:66:                   + affinity                      = {
TestTerraformConfluentPlatformSinglenodeExample 2022-08-01T17:48:33Z logger.go:66:                       + nodeAffinity    = {
TestTerraformConfluentPlatformSinglenodeExample 2022-08-01T17:48:33Z logger.go:66:                           + preferredDuringSchedulingIgnoredDuringExecution = (known after apply)
TestTerraformConfluentPlatformSinglenodeExample 2022-08-01T17:48:33Z logger.go:66:                           + requiredDuringSchedulingIgnoredDuringExecution  = {
TestTerraformConfluentPlatformSinglenodeExample 2022-08-01T17:48:33Z logger.go:66:                               + nodeSelectorTerms = (known after apply)
TestTerraformConfluentPlatformSinglenodeExample 2022-08-01T17:48:33Z logger.go:66:                             }
TestTerraformConfluentPlatformSinglenodeExample 2022-08-01T17:48:33Z logger.go:66:                         }
TestTerraformConfluentPlatformSinglenodeExample 2022-08-01T17:48:33Z logger.go:66:                       + podAffinity     = {
TestTerraformConfluentPlatformSinglenodeExample 2022-08-01T17:48:33Z logger.go:66:                           + preferredDuringSchedulingIgnoredDuringExecution = (known after apply)
TestTerraformConfluentPlatformSinglenodeExample 2022-08-01T17:48:33Z logger.go:66:                           + requiredDuringSchedulingIgnoredDuringExecution  = (known after apply)
TestTerraformConfluentPlatformSinglenodeExample 2022-08-01T17:48:33Z logger.go:66:                         }
TestTerraformConfluentPlatformSinglenodeExample 2022-08-01T17:48:33Z logger.go:66:                       + podAntiAffinity = {
TestTerraformConfluentPlatformSinglenodeExample 2022-08-01T17:48:33Z logger.go:66:                           + preferredDuringSchedulingIgnoredDuringExecution = (known after apply)
TestTerraformConfluentPlatformSinglenodeExample 2022-08-01T17:48:33Z logger.go:66:                           + requiredDuringSchedulingIgnoredDuringExecution  = (known after apply)
TestTerraformConfluentPlatformSinglenodeExample 2022-08-01T17:48:33Z logger.go:66:                         }
TestTerraformConfluentPlatformSinglenodeExample 2022-08-01T17:48:33Z logger.go:66:                     }
TestTerraformConfluentPlatformSinglenodeExample 2022-08-01T17:48:33Z logger.go:66:                   + annotations                   = (known after apply)
TestTerraformConfluentPlatformSinglenodeExample 2022-08-01T17:48:33Z logger.go:66:                   + envVars                       = (known after apply)
TestTerraformConfluentPlatformSinglenodeExample 2022-08-01T17:48:33Z logger.go:66:                   + labels                        = (known after apply)
TestTerraformConfluentPlatformSinglenodeExample 2022-08-01T17:48:33Z logger.go:66:                   + podSecurityContext            = {
TestTerraformConfluentPlatformSinglenodeExample 2022-08-01T17:48:33Z logger.go:66:                       + fsGroup             = 1000
TestTerraformConfluentPlatformSinglenodeExample 2022-08-01T17:48:33Z logger.go:66:                       + fsGroupChangePolicy = (known after apply)
TestTerraformConfluentPlatformSinglenodeExample 2022-08-01T17:48:33Z logger.go:66:                       + runAsGroup          = (known after apply)
TestTerraformConfluentPlatformSinglenodeExample 2022-08-01T17:48:33Z logger.go:66:                       + runAsNonRoot        = true
TestTerraformConfluentPlatformSinglenodeExample 2022-08-01T17:48:33Z logger.go:66:                       + runAsUser           = 1000
TestTerraformConfluentPlatformSinglenodeExample 2022-08-01T17:48:33Z logger.go:66:                       + seLinuxOptions      = {
TestTerraformConfluentPlatformSinglenodeExample 2022-08-01T17:48:33Z logger.go:66:                           + level = (known after apply)
TestTerraformConfluentPlatformSinglenodeExample 2022-08-01T17:48:33Z logger.go:66:                           + role  = (known after apply)
TestTerraformConfluentPlatformSinglenodeExample 2022-08-01T17:48:33Z logger.go:66:                           + type  = (known after apply)
TestTerraformConfluentPlatformSinglenodeExample 2022-08-01T17:48:33Z logger.go:66:                           + user  = (known after apply)
TestTerraformConfluentPlatformSinglenodeExample 2022-08-01T17:48:33Z logger.go:66:                         }
TestTerraformConfluentPlatformSinglenodeExample 2022-08-01T17:48:33Z logger.go:66:                       + seccompProfile      = {
TestTerraformConfluentPlatformSinglenodeExample 2022-08-01T17:48:33Z logger.go:66:                           + localhostProfile = (known after apply)
TestTerraformConfluentPlatformSinglenodeExample 2022-08-01T17:48:33Z logger.go:66:                           + type             = (known after apply)
TestTerraformConfluentPlatformSinglenodeExample 2022-08-01T17:48:33Z logger.go:66:                         }
TestTerraformConfluentPlatformSinglenodeExample 2022-08-01T17:48:33Z logger.go:66:                       + supplementalGroups  = (known after apply)
TestTerraformConfluentPlatformSinglenodeExample 2022-08-01T17:48:33Z logger.go:66:                       + sysctls             = (known after apply)
TestTerraformConfluentPlatformSinglenodeExample 2022-08-01T17:48:33Z logger.go:66:                       + windowsOptions      = {
TestTerraformConfluentPlatformSinglenodeExample 2022-08-01T17:48:33Z logger.go:66:                           + gmsaCredentialSpec     = (known after apply)
TestTerraformConfluentPlatformSinglenodeExample 2022-08-01T17:48:33Z logger.go:66:                           + gmsaCredentialSpecName = (known after apply)
TestTerraformConfluentPlatformSinglenodeExample 2022-08-01T17:48:33Z logger.go:66:                           + hostProcess            = (known after apply)
TestTerraformConfluentPlatformSinglenodeExample 2022-08-01T17:48:33Z logger.go:66:                           + runAsUserName          = (known after apply)
TestTerraformConfluentPlatformSinglenodeExample 2022-08-01T17:48:33Z logger.go:66:                         }
TestTerraformConfluentPlatformSinglenodeExample 2022-08-01T17:48:33Z logger.go:66:                     }
TestTerraformConfluentPlatformSinglenodeExample 2022-08-01T17:48:33Z logger.go:66:                   + priorityClassName             = (known after apply)
TestTerraformConfluentPlatformSinglenodeExample 2022-08-01T17:48:33Z logger.go:66:                   + probe                         = {
TestTerraformConfluentPlatformSinglenodeExample 2022-08-01T17:48:33Z logger.go:66:                       + liveness  = {
TestTerraformConfluentPlatformSinglenodeExample 2022-08-01T17:48:33Z logger.go:66:                           + failureThreshold    = (known after apply)
TestTerraformConfluentPlatformSinglenodeExample 2022-08-01T17:48:33Z logger.go:66:                           + initialDelaySeconds = (known after apply)
TestTerraformConfluentPlatformSinglenodeExample 2022-08-01T17:48:33Z logger.go:66:                           + periodSeconds       = (known after apply)
TestTerraformConfluentPlatformSinglenodeExample 2022-08-01T17:48:33Z logger.go:66:                           + successThreshold    = (known after apply)
TestTerraformConfluentPlatformSinglenodeExample 2022-08-01T17:48:33Z logger.go:66:                           + timeoutSeconds      = (known after apply)
TestTerraformConfluentPlatformSinglenodeExample 2022-08-01T17:48:33Z logger.go:66:                         }
TestTerraformConfluentPlatformSinglenodeExample 2022-08-01T17:48:33Z logger.go:66:                       + readiness = {
TestTerraformConfluentPlatformSinglenodeExample 2022-08-01T17:48:33Z logger.go:66:                           + failureThreshold    = (known after apply)
TestTerraformConfluentPlatformSinglenodeExample 2022-08-01T17:48:33Z logger.go:66:                           + initialDelaySeconds = (known after apply)
TestTerraformConfluentPlatformSinglenodeExample 2022-08-01T17:48:33Z logger.go:66:                           + periodSeconds       = (known after apply)
TestTerraformConfluentPlatformSinglenodeExample 2022-08-01T17:48:33Z logger.go:66:                           + successThreshold    = (known after apply)
TestTerraformConfluentPlatformSinglenodeExample 2022-08-01T17:48:33Z logger.go:66:                           + timeoutSeconds      = (known after apply)
TestTerraformConfluentPlatformSinglenodeExample 2022-08-01T17:48:33Z logger.go:66:                         }
TestTerraformConfluentPlatformSinglenodeExample 2022-08-01T17:48:33Z logger.go:66:                     }
TestTerraformConfluentPlatformSinglenodeExample 2022-08-01T17:48:33Z logger.go:66:                   + resources                     = {
TestTerraformConfluentPlatformSinglenodeExample 2022-08-01T17:48:33Z logger.go:66:                       + limits   = (known after apply)
TestTerraformConfluentPlatformSinglenodeExample 2022-08-01T17:48:33Z logger.go:66:                       + requests = {
TestTerraformConfluentPlatformSinglenodeExample 2022-08-01T17:48:33Z logger.go:66:                           + "cpu"    = "100m"
TestTerraformConfluentPlatformSinglenodeExample 2022-08-01T17:48:33Z logger.go:66:                           + "memory" = "256Mi"
TestTerraformConfluentPlatformSinglenodeExample 2022-08-01T17:48:33Z logger.go:66:                         }
TestTerraformConfluentPlatformSinglenodeExample 2022-08-01T17:48:33Z logger.go:66:                     }
TestTerraformConfluentPlatformSinglenodeExample 2022-08-01T17:48:33Z logger.go:66:                   + securityContext               = {
TestTerraformConfluentPlatformSinglenodeExample 2022-08-01T17:48:33Z logger.go:66:                       + allowPrivilegeEscalation = (known after apply)
TestTerraformConfluentPlatformSinglenodeExample 2022-08-01T17:48:33Z logger.go:66:                       + capabilities             = {
TestTerraformConfluentPlatformSinglenodeExample 2022-08-01T17:48:33Z logger.go:66:                           + add  = (known after apply)
TestTerraformConfluentPlatformSinglenodeExample 2022-08-01T17:48:33Z logger.go:66:                           + drop = (known after apply)
TestTerraformConfluentPlatformSinglenodeExample 2022-08-01T17:48:33Z logger.go:66:                         }
TestTerraformConfluentPlatformSinglenodeExample 2022-08-01T17:48:33Z logger.go:66:                       + privileged               = (known after apply)
TestTerraformConfluentPlatformSinglenodeExample 2022-08-01T17:48:33Z logger.go:66:                       + procMount                = (known after apply)
TestTerraformConfluentPlatformSinglenodeExample 2022-08-01T17:48:33Z logger.go:66:                       + readOnlyRootFilesystem   = (known after apply)
TestTerraformConfluentPlatformSinglenodeExample 2022-08-01T17:48:33Z logger.go:66:                       + runAsGroup               = (known after apply)
TestTerraformConfluentPlatformSinglenodeExample 2022-08-01T17:48:33Z logger.go:66:                       + runAsNonRoot             = (known after apply)
TestTerraformConfluentPlatformSinglenodeExample 2022-08-01T17:48:33Z logger.go:66:                       + runAsUser                = (known after apply)
TestTerraformConfluentPlatformSinglenodeExample 2022-08-01T17:48:33Z logger.go:66:                       + seLinuxOptions           = {
TestTerraformConfluentPlatformSinglenodeExample 2022-08-01T17:48:33Z logger.go:66:                           + level = (known after apply)
TestTerraformConfluentPlatformSinglenodeExample 2022-08-01T17:48:33Z logger.go:66:                           + role  = (known after apply)
TestTerraformConfluentPlatformSinglenodeExample 2022-08-01T17:48:33Z logger.go:66:                           + type  = (known after apply)
TestTerraformConfluentPlatformSinglenodeExample 2022-08-01T17:48:33Z logger.go:66:                           + user  = (known after apply)
TestTerraformConfluentPlatformSinglenodeExample 2022-08-01T17:48:33Z logger.go:66:                         }
TestTerraformConfluentPlatformSinglenodeExample 2022-08-01T17:48:33Z logger.go:66:                       + seccompProfile           = {
TestTerraformConfluentPlatformSinglenodeExample 2022-08-01T17:48:33Z logger.go:66:                           + localhostProfile = (known after apply)
TestTerraformConfluentPlatformSinglenodeExample 2022-08-01T17:48:33Z logger.go:66:                           + type             = (known after apply)
TestTerraformConfluentPlatformSinglenodeExample 2022-08-01T17:48:33Z logger.go:66:                         }
TestTerraformConfluentPlatformSinglenodeExample 2022-08-01T17:48:33Z logger.go:66:                       + windowsOptions           = {
TestTerraformConfluentPlatformSinglenodeExample 2022-08-01T17:48:33Z logger.go:66:                           + gmsaCredentialSpec     = (known after apply)
TestTerraformConfluentPlatformSinglenodeExample 2022-08-01T17:48:33Z logger.go:66:                           + gmsaCredentialSpecName = (known after apply)
TestTerraformConfluentPlatformSinglenodeExample 2022-08-01T17:48:33Z logger.go:66:                           + hostProcess            = (known after apply)
TestTerraformConfluentPlatformSinglenodeExample 2022-08-01T17:48:33Z logger.go:66:                           + runAsUserName          = (known after apply)
TestTerraformConfluentPlatformSinglenodeExample 2022-08-01T17:48:33Z logger.go:66:                         }
TestTerraformConfluentPlatformSinglenodeExample 2022-08-01T17:48:33Z logger.go:66:                     }
TestTerraformConfluentPlatformSinglenodeExample 2022-08-01T17:48:33Z logger.go:66:                   + serviceAccountName            = (known after apply)
TestTerraformConfluentPlatformSinglenodeExample 2022-08-01T17:48:33Z logger.go:66:                   + terminationGracePeriodSeconds = (known after apply)
TestTerraformConfluentPlatformSinglenodeExample 2022-08-01T17:48:33Z logger.go:66:                   + tolerations                   = (known after apply)
TestTerraformConfluentPlatformSinglenodeExample 2022-08-01T17:48:33Z logger.go:66:                   + topologySpreadConstraints     = (known after apply)
TestTerraformConfluentPlatformSinglenodeExample 2022-08-01T17:48:33Z logger.go:66:                 }
TestTerraformConfluentPlatformSinglenodeExample 2022-08-01T17:48:33Z logger.go:66:               + replicas          = 1
TestTerraformConfluentPlatformSinglenodeExample 2022-08-01T17:48:33Z logger.go:66:               + telemetry         = {
TestTerraformConfluentPlatformSinglenodeExample 2022-08-01T17:48:33Z logger.go:66:                   + global = (known after apply)
TestTerraformConfluentPlatformSinglenodeExample 2022-08-01T17:48:33Z logger.go:66:                 }
TestTerraformConfluentPlatformSinglenodeExample 2022-08-01T17:48:33Z logger.go:66:               + tls               = {
TestTerraformConfluentPlatformSinglenodeExample 2022-08-01T17:48:33Z logger.go:66:                   + autoGeneratedCerts       = (known after apply)
TestTerraformConfluentPlatformSinglenodeExample 2022-08-01T17:48:33Z logger.go:66:                   + directoryPathInContainer = (known after apply)
TestTerraformConfluentPlatformSinglenodeExample 2022-08-01T17:48:33Z logger.go:66:                   + ignoreTrustStoreConfig   = (known after apply)
TestTerraformConfluentPlatformSinglenodeExample 2022-08-01T17:48:33Z logger.go:66:                   + jksPassword              = {
TestTerraformConfluentPlatformSinglenodeExample 2022-08-01T17:48:33Z logger.go:66:                       + secretRef = (known after apply)
TestTerraformConfluentPlatformSinglenodeExample 2022-08-01T17:48:33Z logger.go:66:                     }
TestTerraformConfluentPlatformSinglenodeExample 2022-08-01T17:48:33Z logger.go:66:                   + secretRef                = (known after apply)
TestTerraformConfluentPlatformSinglenodeExample 2022-08-01T17:48:33Z logger.go:66:                 }
TestTerraformConfluentPlatformSinglenodeExample 2022-08-01T17:48:33Z logger.go:66:             }
TestTerraformConfluentPlatformSinglenodeExample 2022-08-01T17:48:33Z logger.go:66:         }
TestTerraformConfluentPlatformSinglenodeExample 2022-08-01T17:48:33Z logger.go:66:
TestTerraformConfluentPlatformSinglenodeExample 2022-08-01T17:48:33Z logger.go:66:       + timeouts {
TestTerraformConfluentPlatformSinglenodeExample 2022-08-01T17:48:33Z logger.go:66:           + create = "1h"
TestTerraformConfluentPlatformSinglenodeExample 2022-08-01T17:48:33Z logger.go:66:           + delete = "10m"
TestTerraformConfluentPlatformSinglenodeExample 2022-08-01T17:48:33Z logger.go:66:           + update = "1h"
TestTerraformConfluentPlatformSinglenodeExample 2022-08-01T17:48:33Z logger.go:66:         }
TestTerraformConfluentPlatformSinglenodeExample 2022-08-01T17:48:33Z logger.go:66:
TestTerraformConfluentPlatformSinglenodeExample 2022-08-01T17:48:33Z logger.go:66:       + wait {
TestTerraformConfluentPlatformSinglenodeExample 2022-08-01T17:48:33Z logger.go:66:           + fields = {
TestTerraformConfluentPlatformSinglenodeExample 2022-08-01T17:48:33Z logger.go:66:               + "status.phase" = "RUNNING"
TestTerraformConfluentPlatformSinglenodeExample 2022-08-01T17:48:33Z logger.go:66:             }
TestTerraformConfluentPlatformSinglenodeExample 2022-08-01T17:48:33Z logger.go:66:         }
TestTerraformConfluentPlatformSinglenodeExample 2022-08-01T17:48:33Z logger.go:66:     }
TestTerraformConfluentPlatformSinglenodeExample 2022-08-01T17:48:33Z logger.go:66:
TestTerraformConfluentPlatformSinglenodeExample 2022-08-01T17:48:33Z logger.go:66:   # module.confluent_platform_singlenode.kubernetes_manifest.components["ksqldb"] will be created
TestTerraformConfluentPlatformSinglenodeExample 2022-08-01T17:48:33Z logger.go:66:   + resource "kubernetes_manifest" "components" {
TestTerraformConfluentPlatformSinglenodeExample 2022-08-01T17:48:33Z logger.go:66:       + computed_fields = [
TestTerraformConfluentPlatformSinglenodeExample 2022-08-01T17:48:33Z logger.go:66:           + "metadata.finalizers",
TestTerraformConfluentPlatformSinglenodeExample 2022-08-01T17:48:33Z logger.go:66:         ]
TestTerraformConfluentPlatformSinglenodeExample 2022-08-01T17:48:33Z logger.go:66:       + manifest        = {
TestTerraformConfluentPlatformSinglenodeExample 2022-08-01T17:48:33Z logger.go:66:           + apiVersion = "platform.confluent.io/v1beta1"
TestTerraformConfluentPlatformSinglenodeExample 2022-08-01T17:48:33Z logger.go:66:           + kind       = "KsqlDB"
TestTerraformConfluentPlatformSinglenodeExample 2022-08-01T17:48:33Z logger.go:66:           + metadata   = {
TestTerraformConfluentPlatformSinglenodeExample 2022-08-01T17:48:33Z logger.go:66:               + name      = "ksqldb"
TestTerraformConfluentPlatformSinglenodeExample 2022-08-01T17:48:33Z logger.go:66:               + namespace = "confluent"
TestTerraformConfluentPlatformSinglenodeExample 2022-08-01T17:48:33Z logger.go:66:             }
TestTerraformConfluentPlatformSinglenodeExample 2022-08-01T17:48:33Z logger.go:66:           + spec       = {
TestTerraformConfluentPlatformSinglenodeExample 2022-08-01T17:48:33Z logger.go:66:               + dataVolumeCapacity             = "10Gi"
TestTerraformConfluentPlatformSinglenodeExample 2022-08-01T17:48:33Z logger.go:66:               + dependencies                   = {
TestTerraformConfluentPlatformSinglenodeExample 2022-08-01T17:48:33Z logger.go:66:                   + schemaRegistry = {
TestTerraformConfluentPlatformSinglenodeExample 2022-08-01T17:48:33Z logger.go:66:                       + url = "http://schemaregistry.confluent.svc.cluster.local:8081"
TestTerraformConfluentPlatformSinglenodeExample 2022-08-01T17:48:33Z logger.go:66:                     }
TestTerraformConfluentPlatformSinglenodeExample 2022-08-01T17:48:33Z logger.go:66:                 }
TestTerraformConfluentPlatformSinglenodeExample 2022-08-01T17:48:33Z logger.go:66:               + image                          = {
TestTerraformConfluentPlatformSinglenodeExample 2022-08-01T17:48:33Z logger.go:66:                   + application = "confluentinc/cp-ksqldb-server:7.2.0"
TestTerraformConfluentPlatformSinglenodeExample 2022-08-01T17:48:33Z logger.go:66:                   + init        = "confluentinc/confluent-init-container:2.4.0"
TestTerraformConfluentPlatformSinglenodeExample 2022-08-01T17:48:33Z logger.go:66:                 }
TestTerraformConfluentPlatformSinglenodeExample 2022-08-01T17:48:33Z logger.go:66:               + internalTopicReplicationFactor = 1
TestTerraformConfluentPlatformSinglenodeExample 2022-08-01T17:48:33Z logger.go:66:               + podTemplate                    = {
TestTerraformConfluentPlatformSinglenodeExample 2022-08-01T17:48:33Z logger.go:66:                   + podSecurityContext = {
TestTerraformConfluentPlatformSinglenodeExample 2022-08-01T17:48:33Z logger.go:66:                       + fsGroup      = 1000
TestTerraformConfluentPlatformSinglenodeExample 2022-08-01T17:48:33Z logger.go:66:                       + runAsNonRoot = true
TestTerraformConfluentPlatformSinglenodeExample 2022-08-01T17:48:33Z logger.go:66:                       + runAsUser    = 1000
TestTerraformConfluentPlatformSinglenodeExample 2022-08-01T17:48:33Z logger.go:66:                     }
TestTerraformConfluentPlatformSinglenodeExample 2022-08-01T17:48:33Z logger.go:66:                   + probe              = {
TestTerraformConfluentPlatformSinglenodeExample 2022-08-01T17:48:33Z logger.go:66:                       + liveness = {
TestTerraformConfluentPlatformSinglenodeExample 2022-08-01T17:48:33Z logger.go:66:                           + failureThreshold = 5
TestTerraformConfluentPlatformSinglenodeExample 2022-08-01T17:48:33Z logger.go:66:                           + periodSeconds    = 10
TestTerraformConfluentPlatformSinglenodeExample 2022-08-01T17:48:33Z logger.go:66:                           + timeoutSeconds   = 500
TestTerraformConfluentPlatformSinglenodeExample 2022-08-01T17:48:33Z logger.go:66:                         }
TestTerraformConfluentPlatformSinglenodeExample 2022-08-01T17:48:33Z logger.go:66:                     }
TestTerraformConfluentPlatformSinglenodeExample 2022-08-01T17:48:33Z logger.go:66:                   + resources          = {
TestTerraformConfluentPlatformSinglenodeExample 2022-08-01T17:48:33Z logger.go:66:                       + requests = {
TestTerraformConfluentPlatformSinglenodeExample 2022-08-01T17:48:33Z logger.go:66:                           + cpu    = "100m"
TestTerraformConfluentPlatformSinglenodeExample 2022-08-01T17:48:33Z logger.go:66:                           + memory = "256Mi"
TestTerraformConfluentPlatformSinglenodeExample 2022-08-01T17:48:33Z logger.go:66:                         }
TestTerraformConfluentPlatformSinglenodeExample 2022-08-01T17:48:33Z logger.go:66:                     }
TestTerraformConfluentPlatformSinglenodeExample 2022-08-01T17:48:33Z logger.go:66:                 }
TestTerraformConfluentPlatformSinglenodeExample 2022-08-01T17:48:33Z logger.go:66:               + replicas                       = 1
TestTerraformConfluentPlatformSinglenodeExample 2022-08-01T17:48:33Z logger.go:66:             }
TestTerraformConfluentPlatformSinglenodeExample 2022-08-01T17:48:33Z logger.go:66:         }
TestTerraformConfluentPlatformSinglenodeExample 2022-08-01T17:48:33Z logger.go:66:       + object          = {
TestTerraformConfluentPlatformSinglenodeExample 2022-08-01T17:48:33Z logger.go:66:           + apiVersion = "platform.confluent.io/v1beta1"
TestTerraformConfluentPlatformSinglenodeExample 2022-08-01T17:48:33Z logger.go:66:           + kind       = "KsqlDB"
TestTerraformConfluentPlatformSinglenodeExample 2022-08-01T17:48:33Z logger.go:66:           + metadata   = {
TestTerraformConfluentPlatformSinglenodeExample 2022-08-01T17:48:33Z logger.go:66:               + annotations                = (known after apply)
TestTerraformConfluentPlatformSinglenodeExample 2022-08-01T17:48:33Z logger.go:66:               + clusterName                = (known after apply)
TestTerraformConfluentPlatformSinglenodeExample 2022-08-01T17:48:33Z logger.go:66:               + creationTimestamp          = (known after apply)
TestTerraformConfluentPlatformSinglenodeExample 2022-08-01T17:48:33Z logger.go:66:               + deletionGracePeriodSeconds = (known after apply)
TestTerraformConfluentPlatformSinglenodeExample 2022-08-01T17:48:33Z logger.go:66:               + deletionTimestamp          = (known after apply)
TestTerraformConfluentPlatformSinglenodeExample 2022-08-01T17:48:33Z logger.go:66:               + finalizers                 = (known after apply)
TestTerraformConfluentPlatformSinglenodeExample 2022-08-01T17:48:33Z logger.go:66:               + generateName               = (known after apply)
TestTerraformConfluentPlatformSinglenodeExample 2022-08-01T17:48:33Z logger.go:66:               + generation                 = (known after apply)
TestTerraformConfluentPlatformSinglenodeExample 2022-08-01T17:48:33Z logger.go:66:               + labels                     = (known after apply)
TestTerraformConfluentPlatformSinglenodeExample 2022-08-01T17:48:33Z logger.go:66:               + managedFields              = (known after apply)
TestTerraformConfluentPlatformSinglenodeExample 2022-08-01T17:48:33Z logger.go:66:               + name                       = "ksqldb"
TestTerraformConfluentPlatformSinglenodeExample 2022-08-01T17:48:33Z logger.go:66:               + namespace                  = "confluent"
TestTerraformConfluentPlatformSinglenodeExample 2022-08-01T17:48:33Z logger.go:66:               + ownerReferences            = (known after apply)
TestTerraformConfluentPlatformSinglenodeExample 2022-08-01T17:48:33Z logger.go:66:               + resourceVersion            = (known after apply)
TestTerraformConfluentPlatformSinglenodeExample 2022-08-01T17:48:33Z logger.go:66:               + selfLink                   = (known after apply)
TestTerraformConfluentPlatformSinglenodeExample 2022-08-01T17:48:33Z logger.go:66:               + uid                        = (known after apply)
TestTerraformConfluentPlatformSinglenodeExample 2022-08-01T17:48:33Z logger.go:66:             }
TestTerraformConfluentPlatformSinglenodeExample 2022-08-01T17:48:33Z logger.go:66:           + spec       = {
TestTerraformConfluentPlatformSinglenodeExample 2022-08-01T17:48:33Z logger.go:66:               + authentication                 = {
TestTerraformConfluentPlatformSinglenodeExample 2022-08-01T17:48:33Z logger.go:66:                   + basic = {
TestTerraformConfluentPlatformSinglenodeExample 2022-08-01T17:48:33Z logger.go:66:                       + debug                    = (known after apply)
TestTerraformConfluentPlatformSinglenodeExample 2022-08-01T17:48:33Z logger.go:66:                       + directoryPathInContainer = (known after apply)
TestTerraformConfluentPlatformSinglenodeExample 2022-08-01T17:48:33Z logger.go:66:                       + restrictedRoles          = (known after apply)
TestTerraformConfluentPlatformSinglenodeExample 2022-08-01T17:48:33Z logger.go:66:                       + roles                    = (known after apply)
TestTerraformConfluentPlatformSinglenodeExample 2022-08-01T17:48:33Z logger.go:66:                       + secretRef                = (known after apply)
TestTerraformConfluentPlatformSinglenodeExample 2022-08-01T17:48:33Z logger.go:66:                     }
TestTerraformConfluentPlatformSinglenodeExample 2022-08-01T17:48:33Z logger.go:66:                   + type  = (known after apply)
TestTerraformConfluentPlatformSinglenodeExample 2022-08-01T17:48:33Z logger.go:66:                 }
TestTerraformConfluentPlatformSinglenodeExample 2022-08-01T17:48:33Z logger.go:66:               + authorization                  = {
TestTerraformConfluentPlatformSinglenodeExample 2022-08-01T17:48:33Z logger.go:66:                   + kafkaRestClassRef = {
TestTerraformConfluentPlatformSinglenodeExample 2022-08-01T17:48:33Z logger.go:66:                       + name      = (known after apply)
TestTerraformConfluentPlatformSinglenodeExample 2022-08-01T17:48:33Z logger.go:66:                       + namespace = (known after apply)
TestTerraformConfluentPlatformSinglenodeExample 2022-08-01T17:48:33Z logger.go:66:                     }
TestTerraformConfluentPlatformSinglenodeExample 2022-08-01T17:48:33Z logger.go:66:                   + type              = (known after apply)
TestTerraformConfluentPlatformSinglenodeExample 2022-08-01T17:48:33Z logger.go:66:                 }
TestTerraformConfluentPlatformSinglenodeExample 2022-08-01T17:48:33Z logger.go:66:               + configOverrides                = {
TestTerraformConfluentPlatformSinglenodeExample 2022-08-01T17:48:33Z logger.go:66:                   + jvm    = (known after apply)
TestTerraformConfluentPlatformSinglenodeExample 2022-08-01T17:48:33Z logger.go:66:                   + log4j  = (known after apply)
TestTerraformConfluentPlatformSinglenodeExample 2022-08-01T17:48:33Z logger.go:66:                   + server = (known after apply)
TestTerraformConfluentPlatformSinglenodeExample 2022-08-01T17:48:33Z logger.go:66:                 }
TestTerraformConfluentPlatformSinglenodeExample 2022-08-01T17:48:33Z logger.go:66:               + dataVolumeCapacity             = "10Gi"
TestTerraformConfluentPlatformSinglenodeExample 2022-08-01T17:48:33Z logger.go:66:               + dependencies                   = {
TestTerraformConfluentPlatformSinglenodeExample 2022-08-01T17:48:33Z logger.go:66:                   + interceptor    = {
TestTerraformConfluentPlatformSinglenodeExample 2022-08-01T17:48:33Z logger.go:66:                       + configs   = (known after apply)
TestTerraformConfluentPlatformSinglenodeExample 2022-08-01T17:48:33Z logger.go:66:                       + consumer  = {
TestTerraformConfluentPlatformSinglenodeExample 2022-08-01T17:48:33Z logger.go:66:                           + authentication    = {
TestTerraformConfluentPlatformSinglenodeExample 2022-08-01T17:48:33Z logger.go:66:                               + jaasConfig            = {
TestTerraformConfluentPlatformSinglenodeExample 2022-08-01T17:48:33Z logger.go:66:                                   + secretRef = (known after apply)
TestTerraformConfluentPlatformSinglenodeExample 2022-08-01T17:48:33Z logger.go:66:                                 }
TestTerraformConfluentPlatformSinglenodeExample 2022-08-01T17:48:33Z logger.go:66:                               + jaasConfigPassThrough = {
TestTerraformConfluentPlatformSinglenodeExample 2022-08-01T17:48:33Z logger.go:66:                                   + directoryPathInContainer = (known after apply)
TestTerraformConfluentPlatformSinglenodeExample 2022-08-01T17:48:33Z logger.go:66:                                   + secretRef                = (known after apply)
TestTerraformConfluentPlatformSinglenodeExample 2022-08-01T17:48:33Z logger.go:66:                                 }
TestTerraformConfluentPlatformSinglenodeExample 2022-08-01T17:48:33Z logger.go:66:                               + oauthbearer           = {
TestTerraformConfluentPlatformSinglenodeExample 2022-08-01T17:48:33Z logger.go:66:                                   + directoryPathInContainer = (known after apply)
TestTerraformConfluentPlatformSinglenodeExample 2022-08-01T17:48:33Z logger.go:66:                                   + secretRef                = (known after apply)
TestTerraformConfluentPlatformSinglenodeExample 2022-08-01T17:48:33Z logger.go:66:                                 }
TestTerraformConfluentPlatformSinglenodeExample 2022-08-01T17:48:33Z logger.go:66:                               + type                  = (known after apply)
TestTerraformConfluentPlatformSinglenodeExample 2022-08-01T17:48:33Z logger.go:66:                             }
TestTerraformConfluentPlatformSinglenodeExample 2022-08-01T17:48:33Z logger.go:66:                           + bootstrapEndpoint = (known after apply)
TestTerraformConfluentPlatformSinglenodeExample 2022-08-01T17:48:33Z logger.go:66:                           + discovery         = {
TestTerraformConfluentPlatformSinglenodeExample 2022-08-01T17:48:33Z logger.go:66:                               + name      = (known after apply)
TestTerraformConfluentPlatformSinglenodeExample 2022-08-01T17:48:33Z logger.go:66:                               + namespace = (known after apply)
TestTerraformConfluentPlatformSinglenodeExample 2022-08-01T17:48:33Z logger.go:66:                               + secretRef = (known after apply)
TestTerraformConfluentPlatformSinglenodeExample 2022-08-01T17:48:33Z logger.go:66:                             }
TestTerraformConfluentPlatformSinglenodeExample 2022-08-01T17:48:33Z logger.go:66:                           + tls               = {
TestTerraformConfluentPlatformSinglenodeExample 2022-08-01T17:48:33Z logger.go:66:                               + directoryPathInContainer = (known after apply)
TestTerraformConfluentPlatformSinglenodeExample 2022-08-01T17:48:33Z logger.go:66:                               + enabled                  = (known after apply)
TestTerraformConfluentPlatformSinglenodeExample 2022-08-01T17:48:33Z logger.go:66:                               + ignoreTrustStoreConfig   = (known after apply)
TestTerraformConfluentPlatformSinglenodeExample 2022-08-01T17:48:33Z logger.go:66:                               + jksPassword              = {
TestTerraformConfluentPlatformSinglenodeExample 2022-08-01T17:48:33Z logger.go:66:                                   + secretRef = (known after apply)
TestTerraformConfluentPlatformSinglenodeExample 2022-08-01T17:48:33Z logger.go:66:                                 }
TestTerraformConfluentPlatformSinglenodeExample 2022-08-01T17:48:33Z logger.go:66:                               + secretRef                = (known after apply)
TestTerraformConfluentPlatformSinglenodeExample 2022-08-01T17:48:33Z logger.go:66:                             }
TestTerraformConfluentPlatformSinglenodeExample 2022-08-01T17:48:33Z logger.go:66:                         }
TestTerraformConfluentPlatformSinglenodeExample 2022-08-01T17:48:33Z logger.go:66:                       + enabled   = (known after apply)
TestTerraformConfluentPlatformSinglenodeExample 2022-08-01T17:48:33Z logger.go:66:                       + producer  = {
TestTerraformConfluentPlatformSinglenodeExample 2022-08-01T17:48:33Z logger.go:66:                           + authentication    = {
TestTerraformConfluentPlatformSinglenodeExample 2022-08-01T17:48:33Z logger.go:66:                               + jaasConfig            = {
TestTerraformConfluentPlatformSinglenodeExample 2022-08-01T17:48:33Z logger.go:66:                                   + secretRef = (known after apply)
TestTerraformConfluentPlatformSinglenodeExample 2022-08-01T17:48:33Z logger.go:66:                                 }
TestTerraformConfluentPlatformSinglenodeExample 2022-08-01T17:48:33Z logger.go:66:                               + jaasConfigPassThrough = {
TestTerraformConfluentPlatformSinglenodeExample 2022-08-01T17:48:33Z logger.go:66:                                   + directoryPathInContainer = (known after apply)
TestTerraformConfluentPlatformSinglenodeExample 2022-08-01T17:48:33Z logger.go:66:                                   + secretRef                = (known after apply)
TestTerraformConfluentPlatformSinglenodeExample 2022-08-01T17:48:33Z logger.go:66:                                 }
TestTerraformConfluentPlatformSinglenodeExample 2022-08-01T17:48:33Z logger.go:66:                               + oauthbearer           = {
TestTerraformConfluentPlatformSinglenodeExample 2022-08-01T17:48:33Z logger.go:66:                                   + directoryPathInContainer = (known after apply)
TestTerraformConfluentPlatformSinglenodeExample 2022-08-01T17:48:33Z logger.go:66:                                   + secretRef                = (known after apply)
TestTerraformConfluentPlatformSinglenodeExample 2022-08-01T17:48:33Z logger.go:66:                                 }
TestTerraformConfluentPlatformSinglenodeExample 2022-08-01T17:48:33Z logger.go:66:                               + type                  = (known after apply)
TestTerraformConfluentPlatformSinglenodeExample 2022-08-01T17:48:33Z logger.go:66:                             }
TestTerraformConfluentPlatformSinglenodeExample 2022-08-01T17:48:33Z logger.go:66:                           + bootstrapEndpoint = (known after apply)
TestTerraformConfluentPlatformSinglenodeExample 2022-08-01T17:48:33Z logger.go:66:                           + discovery         = {
TestTerraformConfluentPlatformSinglenodeExample 2022-08-01T17:48:33Z logger.go:66:                               + name      = (known after apply)
TestTerraformConfluentPlatformSinglenodeExample 2022-08-01T17:48:33Z logger.go:66:                               + namespace = (known after apply)
TestTerraformConfluentPlatformSinglenodeExample 2022-08-01T17:48:33Z logger.go:66:                               + secretRef = (known after apply)
TestTerraformConfluentPlatformSinglenodeExample 2022-08-01T17:48:33Z logger.go:66:                             }
TestTerraformConfluentPlatformSinglenodeExample 2022-08-01T17:48:33Z logger.go:66:                           + tls               = {
TestTerraformConfluentPlatformSinglenodeExample 2022-08-01T17:48:33Z logger.go:66:                               + directoryPathInContainer = (known after apply)
TestTerraformConfluentPlatformSinglenodeExample 2022-08-01T17:48:33Z logger.go:66:                               + enabled                  = (known after apply)
TestTerraformConfluentPlatformSinglenodeExample 2022-08-01T17:48:33Z logger.go:66:                               + ignoreTrustStoreConfig   = (known after apply)
TestTerraformConfluentPlatformSinglenodeExample 2022-08-01T17:48:33Z logger.go:66:                               + jksPassword              = {
TestTerraformConfluentPlatformSinglenodeExample 2022-08-01T17:48:33Z logger.go:66:                                   + secretRef = (known after apply)
TestTerraformConfluentPlatformSinglenodeExample 2022-08-01T17:48:33Z logger.go:66:                                 }
TestTerraformConfluentPlatformSinglenodeExample 2022-08-01T17:48:33Z logger.go:66:                               + secretRef                = (known after apply)
TestTerraformConfluentPlatformSinglenodeExample 2022-08-01T17:48:33Z logger.go:66:                             }
TestTerraformConfluentPlatformSinglenodeExample 2022-08-01T17:48:33Z logger.go:66:                         }
TestTerraformConfluentPlatformSinglenodeExample 2022-08-01T17:48:33Z logger.go:66:                       + publishMs = (known after apply)
TestTerraformConfluentPlatformSinglenodeExample 2022-08-01T17:48:33Z logger.go:66:                     }
TestTerraformConfluentPlatformSinglenodeExample 2022-08-01T17:48:33Z logger.go:66:                   + kafka          = {
TestTerraformConfluentPlatformSinglenodeExample 2022-08-01T17:48:33Z logger.go:66:                       + authentication    = {
TestTerraformConfluentPlatformSinglenodeExample 2022-08-01T17:48:33Z logger.go:66:                           + jaasConfig            = {
TestTerraformConfluentPlatformSinglenodeExample 2022-08-01T17:48:33Z logger.go:66:                               + secretRef = (known after apply)
TestTerraformConfluentPlatformSinglenodeExample 2022-08-01T17:48:33Z logger.go:66:                             }
TestTerraformConfluentPlatformSinglenodeExample 2022-08-01T17:48:33Z logger.go:66:                           + jaasConfigPassThrough = {
TestTerraformConfluentPlatformSinglenodeExample 2022-08-01T17:48:33Z logger.go:66:                               + directoryPathInContainer = (known after apply)
TestTerraformConfluentPlatformSinglenodeExample 2022-08-01T17:48:33Z logger.go:66:                               + secretRef                = (known after apply)
TestTerraformConfluentPlatformSinglenodeExample 2022-08-01T17:48:33Z logger.go:66:                             }
TestTerraformConfluentPlatformSinglenodeExample 2022-08-01T17:48:33Z logger.go:66:                           + oauthbearer           = {
TestTerraformConfluentPlatformSinglenodeExample 2022-08-01T17:48:33Z logger.go:66:                               + directoryPathInContainer = (known after apply)
TestTerraformConfluentPlatformSinglenodeExample 2022-08-01T17:48:33Z logger.go:66:                               + secretRef                = (known after apply)
TestTerraformConfluentPlatformSinglenodeExample 2022-08-01T17:48:33Z logger.go:66:                             }
TestTerraformConfluentPlatformSinglenodeExample 2022-08-01T17:48:33Z logger.go:66:                           + type                  = (known after apply)
TestTerraformConfluentPlatformSinglenodeExample 2022-08-01T17:48:33Z logger.go:66:                         }
TestTerraformConfluentPlatformSinglenodeExample 2022-08-01T17:48:33Z logger.go:66:                       + bootstrapEndpoint = (known after apply)
TestTerraformConfluentPlatformSinglenodeExample 2022-08-01T17:48:33Z logger.go:66:                       + discovery         = {
TestTerraformConfluentPlatformSinglenodeExample 2022-08-01T17:48:33Z logger.go:66:                           + name      = (known after apply)
TestTerraformConfluentPlatformSinglenodeExample 2022-08-01T17:48:33Z logger.go:66:                           + namespace = (known after apply)
TestTerraformConfluentPlatformSinglenodeExample 2022-08-01T17:48:33Z logger.go:66:                           + secretRef = (known after apply)
TestTerraformConfluentPlatformSinglenodeExample 2022-08-01T17:48:33Z logger.go:66:                         }
TestTerraformConfluentPlatformSinglenodeExample 2022-08-01T17:48:33Z logger.go:66:                       + tls               = {
TestTerraformConfluentPlatformSinglenodeExample 2022-08-01T17:48:33Z logger.go:66:                           + directoryPathInContainer = (known after apply)
TestTerraformConfluentPlatformSinglenodeExample 2022-08-01T17:48:33Z logger.go:66:                           + enabled                  = (known after apply)
TestTerraformConfluentPlatformSinglenodeExample 2022-08-01T17:48:33Z logger.go:66:                           + ignoreTrustStoreConfig   = (known after apply)
TestTerraformConfluentPlatformSinglenodeExample 2022-08-01T17:48:33Z logger.go:66:                           + jksPassword              = {
TestTerraformConfluentPlatformSinglenodeExample 2022-08-01T17:48:33Z logger.go:66:                               + secretRef = (known after apply)
TestTerraformConfluentPlatformSinglenodeExample 2022-08-01T17:48:33Z logger.go:66:                             }
TestTerraformConfluentPlatformSinglenodeExample 2022-08-01T17:48:33Z logger.go:66:                           + secretRef                = (known after apply)
TestTerraformConfluentPlatformSinglenodeExample 2022-08-01T17:48:33Z logger.go:66:                         }
TestTerraformConfluentPlatformSinglenodeExample 2022-08-01T17:48:33Z logger.go:66:                     }
TestTerraformConfluentPlatformSinglenodeExample 2022-08-01T17:48:33Z logger.go:66:                   + mds            = {
TestTerraformConfluentPlatformSinglenodeExample 2022-08-01T17:48:33Z logger.go:66:                       + authentication = {
TestTerraformConfluentPlatformSinglenodeExample 2022-08-01T17:48:33Z logger.go:66:                           + bearer = {
TestTerraformConfluentPlatformSinglenodeExample 2022-08-01T17:48:33Z logger.go:66:                               + directoryPathInContainer = (known after apply)
TestTerraformConfluentPlatformSinglenodeExample 2022-08-01T17:48:33Z logger.go:66:                               + secretRef                = (known after apply)
TestTerraformConfluentPlatformSinglenodeExample 2022-08-01T17:48:33Z logger.go:66:                             }
TestTerraformConfluentPlatformSinglenodeExample 2022-08-01T17:48:33Z logger.go:66:                           + type   = (known after apply)
TestTerraformConfluentPlatformSinglenodeExample 2022-08-01T17:48:33Z logger.go:66:                         }
TestTerraformConfluentPlatformSinglenodeExample 2022-08-01T17:48:33Z logger.go:66:                       + endpoint       = (known after apply)
TestTerraformConfluentPlatformSinglenodeExample 2022-08-01T17:48:33Z logger.go:66:                       + tls            = {
TestTerraformConfluentPlatformSinglenodeExample 2022-08-01T17:48:33Z logger.go:66:                           + directoryPathInContainer = (known after apply)
TestTerraformConfluentPlatformSinglenodeExample 2022-08-01T17:48:33Z logger.go:66:                           + enabled                  = (known after apply)
TestTerraformConfluentPlatformSinglenodeExample 2022-08-01T17:48:33Z logger.go:66:                           + ignoreTrustStoreConfig   = (known after apply)
TestTerraformConfluentPlatformSinglenodeExample 2022-08-01T17:48:33Z logger.go:66:                           + jksPassword              = {
TestTerraformConfluentPlatformSinglenodeExample 2022-08-01T17:48:33Z logger.go:66:                               + secretRef = (known after apply)
TestTerraformConfluentPlatformSinglenodeExample 2022-08-01T17:48:33Z logger.go:66:                             }
TestTerraformConfluentPlatformSinglenodeExample 2022-08-01T17:48:33Z logger.go:66:                           + secretRef                = (known after apply)
TestTerraformConfluentPlatformSinglenodeExample 2022-08-01T17:48:33Z logger.go:66:                         }
TestTerraformConfluentPlatformSinglenodeExample 2022-08-01T17:48:33Z logger.go:66:                       + tokenKeyPair   = {
TestTerraformConfluentPlatformSinglenodeExample 2022-08-01T17:48:33Z logger.go:66:                           + directoryPathInContainer = (known after apply)
TestTerraformConfluentPlatformSinglenodeExample 2022-08-01T17:48:33Z logger.go:66:                           + secretRef                = (known after apply)
TestTerraformConfluentPlatformSinglenodeExample 2022-08-01T17:48:33Z logger.go:66:                         }
TestTerraformConfluentPlatformSinglenodeExample 2022-08-01T17:48:33Z logger.go:66:                     }
TestTerraformConfluentPlatformSinglenodeExample 2022-08-01T17:48:33Z logger.go:66:                   + schemaRegistry = {
TestTerraformConfluentPlatformSinglenodeExample 2022-08-01T17:48:33Z logger.go:66:                       + authentication = {
TestTerraformConfluentPlatformSinglenodeExample 2022-08-01T17:48:33Z logger.go:66:                           + basic = {
TestTerraformConfluentPlatformSinglenodeExample 2022-08-01T17:48:33Z logger.go:66:                               + debug                    = (known after apply)
TestTerraformConfluentPlatformSinglenodeExample 2022-08-01T17:48:33Z logger.go:66:                               + directoryPathInContainer = (known after apply)
TestTerraformConfluentPlatformSinglenodeExample 2022-08-01T17:48:33Z logger.go:66:                               + restrictedRoles          = (known after apply)
TestTerraformConfluentPlatformSinglenodeExample 2022-08-01T17:48:33Z logger.go:66:                               + roles                    = (known after apply)
TestTerraformConfluentPlatformSinglenodeExample 2022-08-01T17:48:33Z logger.go:66:                               + secretRef                = (known after apply)
TestTerraformConfluentPlatformSinglenodeExample 2022-08-01T17:48:33Z logger.go:66:                             }
TestTerraformConfluentPlatformSinglenodeExample 2022-08-01T17:48:33Z logger.go:66:                           + type  = (known after apply)
TestTerraformConfluentPlatformSinglenodeExample 2022-08-01T17:48:33Z logger.go:66:                         }
TestTerraformConfluentPlatformSinglenodeExample 2022-08-01T17:48:33Z logger.go:66:                       + tls            = {
TestTerraformConfluentPlatformSinglenodeExample 2022-08-01T17:48:33Z logger.go:66:                           + directoryPathInContainer = (known after apply)
TestTerraformConfluentPlatformSinglenodeExample 2022-08-01T17:48:33Z logger.go:66:                           + enabled                  = (known after apply)
TestTerraformConfluentPlatformSinglenodeExample 2022-08-01T17:48:33Z logger.go:66:                           + ignoreTrustStoreConfig   = (known after apply)
TestTerraformConfluentPlatformSinglenodeExample 2022-08-01T17:48:33Z logger.go:66:                           + jksPassword              = {
TestTerraformConfluentPlatformSinglenodeExample 2022-08-01T17:48:33Z logger.go:66:                               + secretRef = (known after apply)
TestTerraformConfluentPlatformSinglenodeExample 2022-08-01T17:48:33Z logger.go:66:                             }
TestTerraformConfluentPlatformSinglenodeExample 2022-08-01T17:48:33Z logger.go:66:                           + secretRef                = (known after apply)
TestTerraformConfluentPlatformSinglenodeExample 2022-08-01T17:48:33Z logger.go:66:                         }
TestTerraformConfluentPlatformSinglenodeExample 2022-08-01T17:48:33Z logger.go:66:                       + url            = "http://schemaregistry.confluent.svc.cluster.local:8081"
TestTerraformConfluentPlatformSinglenodeExample 2022-08-01T17:48:33Z logger.go:66:                     }
TestTerraformConfluentPlatformSinglenodeExample 2022-08-01T17:48:33Z logger.go:66:                 }
TestTerraformConfluentPlatformSinglenodeExample 2022-08-01T17:48:33Z logger.go:66:               + externalAccess                 = {
TestTerraformConfluentPlatformSinglenodeExample 2022-08-01T17:48:33Z logger.go:66:                   + loadBalancer = {
TestTerraformConfluentPlatformSinglenodeExample 2022-08-01T17:48:33Z logger.go:66:                       + advertisedURL            = {
TestTerraformConfluentPlatformSinglenodeExample 2022-08-01T17:48:33Z logger.go:66:                           + enabled = (known after apply)
TestTerraformConfluentPlatformSinglenodeExample 2022-08-01T17:48:33Z logger.go:66:                           + prefix  = (known after apply)
TestTerraformConfluentPlatformSinglenodeExample 2022-08-01T17:48:33Z logger.go:66:                         }
TestTerraformConfluentPlatformSinglenodeExample 2022-08-01T17:48:33Z logger.go:66:                       + annotations              = (known after apply)
TestTerraformConfluentPlatformSinglenodeExample 2022-08-01T17:48:33Z logger.go:66:                       + domain                   = (known after apply)
TestTerraformConfluentPlatformSinglenodeExample 2022-08-01T17:48:33Z logger.go:66:                       + externalTrafficPolicy    = (known after apply)
TestTerraformConfluentPlatformSinglenodeExample 2022-08-01T17:48:33Z logger.go:66:                       + labels                   = (known after apply)
TestTerraformConfluentPlatformSinglenodeExample 2022-08-01T17:48:33Z logger.go:66:                       + loadBalancerSourceRanges = (known after apply)
TestTerraformConfluentPlatformSinglenodeExample 2022-08-01T17:48:33Z logger.go:66:                       + port                     = (known after apply)
TestTerraformConfluentPlatformSinglenodeExample 2022-08-01T17:48:33Z logger.go:66:                       + prefix                   = (known after apply)
TestTerraformConfluentPlatformSinglenodeExample 2022-08-01T17:48:33Z logger.go:66:                       + servicePorts             = (known after apply)
TestTerraformConfluentPlatformSinglenodeExample 2022-08-01T17:48:33Z logger.go:66:                       + sessionAffinity          = (known after apply)
TestTerraformConfluentPlatformSinglenodeExample 2022-08-01T17:48:33Z logger.go:66:                       + sessionAffinityConfig    = {
TestTerraformConfluentPlatformSinglenodeExample 2022-08-01T17:48:33Z logger.go:66:                           + clientIP = {
TestTerraformConfluentPlatformSinglenodeExample 2022-08-01T17:48:33Z logger.go:66:                               + timeoutSeconds = (known after apply)
TestTerraformConfluentPlatformSinglenodeExample 2022-08-01T17:48:33Z logger.go:66:                             }
TestTerraformConfluentPlatformSinglenodeExample 2022-08-01T17:48:33Z logger.go:66:                         }
TestTerraformConfluentPlatformSinglenodeExample 2022-08-01T17:48:33Z logger.go:66:                     }
TestTerraformConfluentPlatformSinglenodeExample 2022-08-01T17:48:33Z logger.go:66:                   + nodePort     = {
TestTerraformConfluentPlatformSinglenodeExample 2022-08-01T17:48:33Z logger.go:66:                       + advertisedURL         = {
TestTerraformConfluentPlatformSinglenodeExample 2022-08-01T17:48:33Z logger.go:66:                           + enabled = (known after apply)
TestTerraformConfluentPlatformSinglenodeExample 2022-08-01T17:48:33Z logger.go:66:                           + prefix  = (known after apply)
TestTerraformConfluentPlatformSinglenodeExample 2022-08-01T17:48:33Z logger.go:66:                         }
TestTerraformConfluentPlatformSinglenodeExample 2022-08-01T17:48:33Z logger.go:66:                       + annotations           = (known after apply)
TestTerraformConfluentPlatformSinglenodeExample 2022-08-01T17:48:33Z logger.go:66:                       + externalTrafficPolicy = (known after apply)
TestTerraformConfluentPlatformSinglenodeExample 2022-08-01T17:48:33Z logger.go:66:                       + host                  = (known after apply)
TestTerraformConfluentPlatformSinglenodeExample 2022-08-01T17:48:33Z logger.go:66:                       + labels                = (known after apply)
TestTerraformConfluentPlatformSinglenodeExample 2022-08-01T17:48:33Z logger.go:66:                       + nodePortOffset        = (known after apply)
TestTerraformConfluentPlatformSinglenodeExample 2022-08-01T17:48:33Z logger.go:66:                       + servicePorts          = (known after apply)
TestTerraformConfluentPlatformSinglenodeExample 2022-08-01T17:48:33Z logger.go:66:                       + sessionAffinity       = (known after apply)
TestTerraformConfluentPlatformSinglenodeExample 2022-08-01T17:48:33Z logger.go:66:                       + sessionAffinityConfig = {
TestTerraformConfluentPlatformSinglenodeExample 2022-08-01T17:48:33Z logger.go:66:                           + clientIP = {
TestTerraformConfluentPlatformSinglenodeExample 2022-08-01T17:48:33Z logger.go:66:                               + timeoutSeconds = (known after apply)
TestTerraformConfluentPlatformSinglenodeExample 2022-08-01T17:48:33Z logger.go:66:                             }
TestTerraformConfluentPlatformSinglenodeExample 2022-08-01T17:48:33Z logger.go:66:                         }
TestTerraformConfluentPlatformSinglenodeExample 2022-08-01T17:48:33Z logger.go:66:                     }
TestTerraformConfluentPlatformSinglenodeExample 2022-08-01T17:48:33Z logger.go:66:                   + route        = {
TestTerraformConfluentPlatformSinglenodeExample 2022-08-01T17:48:33Z logger.go:66:                       + annotations    = (known after apply)
TestTerraformConfluentPlatformSinglenodeExample 2022-08-01T17:48:33Z logger.go:66:                       + domain         = (known after apply)
TestTerraformConfluentPlatformSinglenodeExample 2022-08-01T17:48:33Z logger.go:66:                       + labels         = (known after apply)
TestTerraformConfluentPlatformSinglenodeExample 2022-08-01T17:48:33Z logger.go:66:                       + prefix         = (known after apply)
TestTerraformConfluentPlatformSinglenodeExample 2022-08-01T17:48:33Z logger.go:66:                       + wildcardPolicy = (known after apply)
TestTerraformConfluentPlatformSinglenodeExample 2022-08-01T17:48:33Z logger.go:66:                     }
TestTerraformConfluentPlatformSinglenodeExample 2022-08-01T17:48:33Z logger.go:66:                   + type         = (known after apply)
TestTerraformConfluentPlatformSinglenodeExample 2022-08-01T17:48:33Z logger.go:66:                 }
TestTerraformConfluentPlatformSinglenodeExample 2022-08-01T17:48:33Z logger.go:66:               + headlessService                = {
TestTerraformConfluentPlatformSinglenodeExample 2022-08-01T17:48:33Z logger.go:66:                   + annotations              = (known after apply)
TestTerraformConfluentPlatformSinglenodeExample 2022-08-01T17:48:33Z logger.go:66:                   + labels                   = (known after apply)
TestTerraformConfluentPlatformSinglenodeExample 2022-08-01T17:48:33Z logger.go:66:                   + publishNotReadyAddresses = (known after apply)
TestTerraformConfluentPlatformSinglenodeExample 2022-08-01T17:48:33Z logger.go:66:                 }
TestTerraformConfluentPlatformSinglenodeExample 2022-08-01T17:48:33Z logger.go:66:               + image                          = {
TestTerraformConfluentPlatformSinglenodeExample 2022-08-01T17:48:33Z logger.go:66:                   + application   = "confluentinc/cp-ksqldb-server:7.2.0"
TestTerraformConfluentPlatformSinglenodeExample 2022-08-01T17:48:33Z logger.go:66:                   + init          = "confluentinc/confluent-init-container:2.4.0"
TestTerraformConfluentPlatformSinglenodeExample 2022-08-01T17:48:33Z logger.go:66:                   + pullPolicy    = (known after apply)
TestTerraformConfluentPlatformSinglenodeExample 2022-08-01T17:48:33Z logger.go:66:                   + pullSecretRef = (known after apply)
TestTerraformConfluentPlatformSinglenodeExample 2022-08-01T17:48:33Z logger.go:66:                 }
TestTerraformConfluentPlatformSinglenodeExample 2022-08-01T17:48:33Z logger.go:66:               + injectAnnotations              = (known after apply)
TestTerraformConfluentPlatformSinglenodeExample 2022-08-01T17:48:33Z logger.go:66:               + injectLabels                   = (known after apply)
TestTerraformConfluentPlatformSinglenodeExample 2022-08-01T17:48:33Z logger.go:66:               + internalTopicReplicationFactor = 1
TestTerraformConfluentPlatformSinglenodeExample 2022-08-01T17:48:33Z logger.go:66:               + k8sClusterDomain               = (known after apply)
TestTerraformConfluentPlatformSinglenodeExample 2022-08-01T17:48:33Z logger.go:66:               + license                        = {
TestTerraformConfluentPlatformSinglenodeExample 2022-08-01T17:48:33Z logger.go:66:                   + directoryPathInContainer = (known after apply)
TestTerraformConfluentPlatformSinglenodeExample 2022-08-01T17:48:33Z logger.go:66:                   + globalLicense            = (known after apply)
TestTerraformConfluentPlatformSinglenodeExample 2022-08-01T17:48:33Z logger.go:66:                   + secretRef                = (known after apply)
TestTerraformConfluentPlatformSinglenodeExample 2022-08-01T17:48:33Z logger.go:66:                 }
TestTerraformConfluentPlatformSinglenodeExample 2022-08-01T17:48:33Z logger.go:66:               + metrics                        = {
TestTerraformConfluentPlatformSinglenodeExample 2022-08-01T17:48:33Z logger.go:66:                   + authentication = {
TestTerraformConfluentPlatformSinglenodeExample 2022-08-01T17:48:33Z logger.go:66:                       + type = (known after apply)
TestTerraformConfluentPlatformSinglenodeExample 2022-08-01T17:48:33Z logger.go:66:                     }
TestTerraformConfluentPlatformSinglenodeExample 2022-08-01T17:48:33Z logger.go:66:                   + prometheus     = {
TestTerraformConfluentPlatformSinglenodeExample 2022-08-01T17:48:33Z logger.go:66:                       + blacklist = (known after apply)
TestTerraformConfluentPlatformSinglenodeExample 2022-08-01T17:48:33Z logger.go:66:                       + rules     = (known after apply)
TestTerraformConfluentPlatformSinglenodeExample 2022-08-01T17:48:33Z logger.go:66:                       + whitelist = (known after apply)
TestTerraformConfluentPlatformSinglenodeExample 2022-08-01T17:48:33Z logger.go:66:                     }
TestTerraformConfluentPlatformSinglenodeExample 2022-08-01T17:48:33Z logger.go:66:                   + tls            = {
TestTerraformConfluentPlatformSinglenodeExample 2022-08-01T17:48:33Z logger.go:66:                       + directoryPathInContainer = (known after apply)
TestTerraformConfluentPlatformSinglenodeExample 2022-08-01T17:48:33Z logger.go:66:                       + enabled                  = (known after apply)
TestTerraformConfluentPlatformSinglenodeExample 2022-08-01T17:48:33Z logger.go:66:                       + ignoreTrustStoreConfig   = (known after apply)
TestTerraformConfluentPlatformSinglenodeExample 2022-08-01T17:48:33Z logger.go:66:                       + jksPassword              = {
TestTerraformConfluentPlatformSinglenodeExample 2022-08-01T17:48:33Z logger.go:66:                           + secretRef = (known after apply)
TestTerraformConfluentPlatformSinglenodeExample 2022-08-01T17:48:33Z logger.go:66:                         }
TestTerraformConfluentPlatformSinglenodeExample 2022-08-01T17:48:33Z logger.go:66:                       + secretRef                = (known after apply)
TestTerraformConfluentPlatformSinglenodeExample 2022-08-01T17:48:33Z logger.go:66:                     }
TestTerraformConfluentPlatformSinglenodeExample 2022-08-01T17:48:33Z logger.go:66:                 }
TestTerraformConfluentPlatformSinglenodeExample 2022-08-01T17:48:33Z logger.go:66:               + mountedSecrets                 = (known after apply)
TestTerraformConfluentPlatformSinglenodeExample 2022-08-01T17:48:33Z logger.go:66:               + mountedVolumes                 = {
TestTerraformConfluentPlatformSinglenodeExample 2022-08-01T17:48:33Z logger.go:66:                   + volumeMounts = (known after apply)
TestTerraformConfluentPlatformSinglenodeExample 2022-08-01T17:48:33Z logger.go:66:                   + volumes      = (known after apply)
TestTerraformConfluentPlatformSinglenodeExample 2022-08-01T17:48:33Z logger.go:66:                 }
TestTerraformConfluentPlatformSinglenodeExample 2022-08-01T17:48:33Z logger.go:66:               + oneReplicaPerNode              = (known after apply)
TestTerraformConfluentPlatformSinglenodeExample 2022-08-01T17:48:33Z logger.go:66:               + podTemplate                    = {
TestTerraformConfluentPlatformSinglenodeExample 2022-08-01T17:48:33Z logger.go:66:                   + affinity                      = {
TestTerraformConfluentPlatformSinglenodeExample 2022-08-01T17:48:33Z logger.go:66:                       + nodeAffinity    = {
TestTerraformConfluentPlatformSinglenodeExample 2022-08-01T17:48:33Z logger.go:66:                           + preferredDuringSchedulingIgnoredDuringExecution = (known after apply)
TestTerraformConfluentPlatformSinglenodeExample 2022-08-01T17:48:33Z logger.go:66:                           + requiredDuringSchedulingIgnoredDuringExecution  = {
TestTerraformConfluentPlatformSinglenodeExample 2022-08-01T17:48:33Z logger.go:66:                               + nodeSelectorTerms = (known after apply)
TestTerraformConfluentPlatformSinglenodeExample 2022-08-01T17:48:33Z logger.go:66:                             }
TestTerraformConfluentPlatformSinglenodeExample 2022-08-01T17:48:33Z logger.go:66:                         }
TestTerraformConfluentPlatformSinglenodeExample 2022-08-01T17:48:33Z logger.go:66:                       + podAffinity     = {
TestTerraformConfluentPlatformSinglenodeExample 2022-08-01T17:48:33Z logger.go:66:                           + preferredDuringSchedulingIgnoredDuringExecution = (known after apply)
TestTerraformConfluentPlatformSinglenodeExample 2022-08-01T17:48:33Z logger.go:66:                           + requiredDuringSchedulingIgnoredDuringExecution  = (known after apply)
TestTerraformConfluentPlatformSinglenodeExample 2022-08-01T17:48:33Z logger.go:66:                         }
TestTerraformConfluentPlatformSinglenodeExample 2022-08-01T17:48:33Z logger.go:66:                       + podAntiAffinity = {
TestTerraformConfluentPlatformSinglenodeExample 2022-08-01T17:48:33Z logger.go:66:                           + preferredDuringSchedulingIgnoredDuringExecution = (known after apply)
TestTerraformConfluentPlatformSinglenodeExample 2022-08-01T17:48:33Z logger.go:66:                           + requiredDuringSchedulingIgnoredDuringExecution  = (known after apply)
TestTerraformConfluentPlatformSinglenodeExample 2022-08-01T17:48:33Z logger.go:66:                         }
TestTerraformConfluentPlatformSinglenodeExample 2022-08-01T17:48:33Z logger.go:66:                     }
TestTerraformConfluentPlatformSinglenodeExample 2022-08-01T17:48:33Z logger.go:66:                   + annotations                   = (known after apply)
TestTerraformConfluentPlatformSinglenodeExample 2022-08-01T17:48:33Z logger.go:66:                   + envVars                       = (known after apply)
TestTerraformConfluentPlatformSinglenodeExample 2022-08-01T17:48:33Z logger.go:66:                   + labels                        = (known after apply)
TestTerraformConfluentPlatformSinglenodeExample 2022-08-01T17:48:33Z logger.go:66:                   + podSecurityContext            = {
TestTerraformConfluentPlatformSinglenodeExample 2022-08-01T17:48:33Z logger.go:66:                       + fsGroup             = 1000
TestTerraformConfluentPlatformSinglenodeExample 2022-08-01T17:48:33Z logger.go:66:                       + fsGroupChangePolicy = (known after apply)
TestTerraformConfluentPlatformSinglenodeExample 2022-08-01T17:48:33Z logger.go:66:                       + runAsGroup          = (known after apply)
TestTerraformConfluentPlatformSinglenodeExample 2022-08-01T17:48:33Z logger.go:66:                       + runAsNonRoot        = true
TestTerraformConfluentPlatformSinglenodeExample 2022-08-01T17:48:33Z logger.go:66:                       + runAsUser           = 1000
TestTerraformConfluentPlatformSinglenodeExample 2022-08-01T17:48:33Z logger.go:66:                       + seLinuxOptions      = {
TestTerraformConfluentPlatformSinglenodeExample 2022-08-01T17:48:33Z logger.go:66:                           + level = (known after apply)
TestTerraformConfluentPlatformSinglenodeExample 2022-08-01T17:48:33Z logger.go:66:                           + role  = (known after apply)
TestTerraformConfluentPlatformSinglenodeExample 2022-08-01T17:48:33Z logger.go:66:                           + type  = (known after apply)
TestTerraformConfluentPlatformSinglenodeExample 2022-08-01T17:48:33Z logger.go:66:                           + user  = (known after apply)
TestTerraformConfluentPlatformSinglenodeExample 2022-08-01T17:48:33Z logger.go:66:                         }
TestTerraformConfluentPlatformSinglenodeExample 2022-08-01T17:48:33Z logger.go:66:                       + seccompProfile      = {
TestTerraformConfluentPlatformSinglenodeExample 2022-08-01T17:48:33Z logger.go:66:                           + localhostProfile = (known after apply)
TestTerraformConfluentPlatformSinglenodeExample 2022-08-01T17:48:33Z logger.go:66:                           + type             = (known after apply)
TestTerraformConfluentPlatformSinglenodeExample 2022-08-01T17:48:33Z logger.go:66:                         }
TestTerraformConfluentPlatformSinglenodeExample 2022-08-01T17:48:33Z logger.go:66:                       + supplementalGroups  = (known after apply)
TestTerraformConfluentPlatformSinglenodeExample 2022-08-01T17:48:33Z logger.go:66:                       + sysctls             = (known after apply)
TestTerraformConfluentPlatformSinglenodeExample 2022-08-01T17:48:33Z logger.go:66:                       + windowsOptions      = {
TestTerraformConfluentPlatformSinglenodeExample 2022-08-01T17:48:33Z logger.go:66:                           + gmsaCredentialSpec     = (known after apply)
TestTerraformConfluentPlatformSinglenodeExample 2022-08-01T17:48:33Z logger.go:66:                           + gmsaCredentialSpecName = (known after apply)
TestTerraformConfluentPlatformSinglenodeExample 2022-08-01T17:48:33Z logger.go:66:                           + hostProcess            = (known after apply)
TestTerraformConfluentPlatformSinglenodeExample 2022-08-01T17:48:33Z logger.go:66:                           + runAsUserName          = (known after apply)
TestTerraformConfluentPlatformSinglenodeExample 2022-08-01T17:48:33Z logger.go:66:                         }
TestTerraformConfluentPlatformSinglenodeExample 2022-08-01T17:48:33Z logger.go:66:                     }
TestTerraformConfluentPlatformSinglenodeExample 2022-08-01T17:48:33Z logger.go:66:                   + priorityClassName             = (known after apply)
TestTerraformConfluentPlatformSinglenodeExample 2022-08-01T17:48:33Z logger.go:66:                   + probe                         = {
TestTerraformConfluentPlatformSinglenodeExample 2022-08-01T17:48:33Z logger.go:66:                       + liveness  = {
TestTerraformConfluentPlatformSinglenodeExample 2022-08-01T17:48:33Z logger.go:66:                           + failureThreshold    = 5
TestTerraformConfluentPlatformSinglenodeExample 2022-08-01T17:48:33Z logger.go:66:                           + initialDelaySeconds = (known after apply)
TestTerraformConfluentPlatformSinglenodeExample 2022-08-01T17:48:33Z logger.go:66:                           + periodSeconds       = 10
TestTerraformConfluentPlatformSinglenodeExample 2022-08-01T17:48:33Z logger.go:66:                           + successThreshold    = (known after apply)
TestTerraformConfluentPlatformSinglenodeExample 2022-08-01T17:48:33Z logger.go:66:                           + timeoutSeconds      = 500
TestTerraformConfluentPlatformSinglenodeExample 2022-08-01T17:48:33Z logger.go:66:                         }
TestTerraformConfluentPlatformSinglenodeExample 2022-08-01T17:48:33Z logger.go:66:                       + readiness = {
TestTerraformConfluentPlatformSinglenodeExample 2022-08-01T17:48:33Z logger.go:66:                           + failureThreshold    = (known after apply)
TestTerraformConfluentPlatformSinglenodeExample 2022-08-01T17:48:33Z logger.go:66:                           + initialDelaySeconds = (known after apply)
TestTerraformConfluentPlatformSinglenodeExample 2022-08-01T17:48:33Z logger.go:66:                           + periodSeconds       = (known after apply)
TestTerraformConfluentPlatformSinglenodeExample 2022-08-01T17:48:33Z logger.go:66:                           + successThreshold    = (known after apply)
TestTerraformConfluentPlatformSinglenodeExample 2022-08-01T17:48:33Z logger.go:66:                           + timeoutSeconds      = (known after apply)
TestTerraformConfluentPlatformSinglenodeExample 2022-08-01T17:48:33Z logger.go:66:                         }
TestTerraformConfluentPlatformSinglenodeExample 2022-08-01T17:48:33Z logger.go:66:                     }
TestTerraformConfluentPlatformSinglenodeExample 2022-08-01T17:48:33Z logger.go:66:                   + resources                     = {
TestTerraformConfluentPlatformSinglenodeExample 2022-08-01T17:48:33Z logger.go:66:                       + limits   = (known after apply)
TestTerraformConfluentPlatformSinglenodeExample 2022-08-01T17:48:33Z logger.go:66:                       + requests = {
TestTerraformConfluentPlatformSinglenodeExample 2022-08-01T17:48:33Z logger.go:66:                           + "cpu"    = "100m"
TestTerraformConfluentPlatformSinglenodeExample 2022-08-01T17:48:33Z logger.go:66:                           + "memory" = "256Mi"
TestTerraformConfluentPlatformSinglenodeExample 2022-08-01T17:48:33Z logger.go:66:                         }
TestTerraformConfluentPlatformSinglenodeExample 2022-08-01T17:48:33Z logger.go:66:                     }
TestTerraformConfluentPlatformSinglenodeExample 2022-08-01T17:48:33Z logger.go:66:                   + securityContext               = {
TestTerraformConfluentPlatformSinglenodeExample 2022-08-01T17:48:33Z logger.go:66:                       + allowPrivilegeEscalation = (known after apply)
TestTerraformConfluentPlatformSinglenodeExample 2022-08-01T17:48:33Z logger.go:66:                       + capabilities             = {
TestTerraformConfluentPlatformSinglenodeExample 2022-08-01T17:48:33Z logger.go:66:                           + add  = (known after apply)
TestTerraformConfluentPlatformSinglenodeExample 2022-08-01T17:48:33Z logger.go:66:                           + drop = (known after apply)
TestTerraformConfluentPlatformSinglenodeExample 2022-08-01T17:48:33Z logger.go:66:                         }
TestTerraformConfluentPlatformSinglenodeExample 2022-08-01T17:48:33Z logger.go:66:                       + privileged               = (known after apply)
TestTerraformConfluentPlatformSinglenodeExample 2022-08-01T17:48:33Z logger.go:66:                       + procMount                = (known after apply)
TestTerraformConfluentPlatformSinglenodeExample 2022-08-01T17:48:33Z logger.go:66:                       + readOnlyRootFilesystem   = (known after apply)
TestTerraformConfluentPlatformSinglenodeExample 2022-08-01T17:48:33Z logger.go:66:                       + runAsGroup               = (known after apply)
TestTerraformConfluentPlatformSinglenodeExample 2022-08-01T17:48:33Z logger.go:66:                       + runAsNonRoot             = (known after apply)
TestTerraformConfluentPlatformSinglenodeExample 2022-08-01T17:48:33Z logger.go:66:                       + runAsUser                = (known after apply)
TestTerraformConfluentPlatformSinglenodeExample 2022-08-01T17:48:33Z logger.go:66:                       + seLinuxOptions           = {
TestTerraformConfluentPlatformSinglenodeExample 2022-08-01T17:48:33Z logger.go:66:                           + level = (known after apply)
TestTerraformConfluentPlatformSinglenodeExample 2022-08-01T17:48:33Z logger.go:66:                           + role  = (known after apply)
TestTerraformConfluentPlatformSinglenodeExample 2022-08-01T17:48:33Z logger.go:66:                           + type  = (known after apply)
TestTerraformConfluentPlatformSinglenodeExample 2022-08-01T17:48:33Z logger.go:66:                           + user  = (known after apply)
TestTerraformConfluentPlatformSinglenodeExample 2022-08-01T17:48:33Z logger.go:66:                         }
TestTerraformConfluentPlatformSinglenodeExample 2022-08-01T17:48:33Z logger.go:66:                       + seccompProfile           = {
TestTerraformConfluentPlatformSinglenodeExample 2022-08-01T17:48:33Z logger.go:66:                           + localhostProfile = (known after apply)
TestTerraformConfluentPlatformSinglenodeExample 2022-08-01T17:48:33Z logger.go:66:                           + type             = (known after apply)
TestTerraformConfluentPlatformSinglenodeExample 2022-08-01T17:48:33Z logger.go:66:                         }
TestTerraformConfluentPlatformSinglenodeExample 2022-08-01T17:48:33Z logger.go:66:                       + windowsOptions           = {
TestTerraformConfluentPlatformSinglenodeExample 2022-08-01T17:48:33Z logger.go:66:                           + gmsaCredentialSpec     = (known after apply)
TestTerraformConfluentPlatformSinglenodeExample 2022-08-01T17:48:33Z logger.go:66:                           + gmsaCredentialSpecName = (known after apply)
TestTerraformConfluentPlatformSinglenodeExample 2022-08-01T17:48:33Z logger.go:66:                           + hostProcess            = (known after apply)
TestTerraformConfluentPlatformSinglenodeExample 2022-08-01T17:48:33Z logger.go:66:                           + runAsUserName          = (known after apply)
TestTerraformConfluentPlatformSinglenodeExample 2022-08-01T17:48:33Z logger.go:66:                         }
TestTerraformConfluentPlatformSinglenodeExample 2022-08-01T17:48:33Z logger.go:66:                     }
TestTerraformConfluentPlatformSinglenodeExample 2022-08-01T17:48:33Z logger.go:66:                   + serviceAccountName            = (known after apply)
TestTerraformConfluentPlatformSinglenodeExample 2022-08-01T17:48:33Z logger.go:66:                   + terminationGracePeriodSeconds = (known after apply)
TestTerraformConfluentPlatformSinglenodeExample 2022-08-01T17:48:33Z logger.go:66:                   + tolerations                   = (known after apply)
TestTerraformConfluentPlatformSinglenodeExample 2022-08-01T17:48:33Z logger.go:66:                   + topologySpreadConstraints     = (known after apply)
TestTerraformConfluentPlatformSinglenodeExample 2022-08-01T17:48:33Z logger.go:66:                 }
TestTerraformConfluentPlatformSinglenodeExample 2022-08-01T17:48:33Z logger.go:66:               + replicas                       = 1
TestTerraformConfluentPlatformSinglenodeExample 2022-08-01T17:48:33Z logger.go:66:               + storageClass                   = {
TestTerraformConfluentPlatformSinglenodeExample 2022-08-01T17:48:33Z logger.go:66:                   + name = (known after apply)
TestTerraformConfluentPlatformSinglenodeExample 2022-08-01T17:48:33Z logger.go:66:                 }
TestTerraformConfluentPlatformSinglenodeExample 2022-08-01T17:48:33Z logger.go:66:               + telemetry                      = {
TestTerraformConfluentPlatformSinglenodeExample 2022-08-01T17:48:33Z logger.go:66:                   + global = (known after apply)
TestTerraformConfluentPlatformSinglenodeExample 2022-08-01T17:48:33Z logger.go:66:                 }
TestTerraformConfluentPlatformSinglenodeExample 2022-08-01T17:48:33Z logger.go:66:               + tls                            = {
TestTerraformConfluentPlatformSinglenodeExample 2022-08-01T17:48:33Z logger.go:66:                   + autoGeneratedCerts       = (known after apply)
TestTerraformConfluentPlatformSinglenodeExample 2022-08-01T17:48:33Z logger.go:66:                   + directoryPathInContainer = (known after apply)
TestTerraformConfluentPlatformSinglenodeExample 2022-08-01T17:48:33Z logger.go:66:                   + ignoreTrustStoreConfig   = (known after apply)
TestTerraformConfluentPlatformSinglenodeExample 2022-08-01T17:48:33Z logger.go:66:                   + jksPassword              = {
TestTerraformConfluentPlatformSinglenodeExample 2022-08-01T17:48:33Z logger.go:66:                       + secretRef = (known after apply)
TestTerraformConfluentPlatformSinglenodeExample 2022-08-01T17:48:33Z logger.go:66:                     }
TestTerraformConfluentPlatformSinglenodeExample 2022-08-01T17:48:33Z logger.go:66:                   + secretRef                = (known after apply)
TestTerraformConfluentPlatformSinglenodeExample 2022-08-01T17:48:33Z logger.go:66:                 }
TestTerraformConfluentPlatformSinglenodeExample 2022-08-01T17:48:33Z logger.go:66:             }
TestTerraformConfluentPlatformSinglenodeExample 2022-08-01T17:48:33Z logger.go:66:         }
TestTerraformConfluentPlatformSinglenodeExample 2022-08-01T17:48:33Z logger.go:66:
TestTerraformConfluentPlatformSinglenodeExample 2022-08-01T17:48:33Z logger.go:66:       + timeouts {
TestTerraformConfluentPlatformSinglenodeExample 2022-08-01T17:48:33Z logger.go:66:           + create = "1h"
TestTerraformConfluentPlatformSinglenodeExample 2022-08-01T17:48:33Z logger.go:66:           + delete = "10m"
TestTerraformConfluentPlatformSinglenodeExample 2022-08-01T17:48:33Z logger.go:66:           + update = "1h"
TestTerraformConfluentPlatformSinglenodeExample 2022-08-01T17:48:33Z logger.go:66:         }
TestTerraformConfluentPlatformSinglenodeExample 2022-08-01T17:48:33Z logger.go:66:
TestTerraformConfluentPlatformSinglenodeExample 2022-08-01T17:48:33Z logger.go:66:       + wait {
TestTerraformConfluentPlatformSinglenodeExample 2022-08-01T17:48:33Z logger.go:66:           + fields = {
TestTerraformConfluentPlatformSinglenodeExample 2022-08-01T17:48:33Z logger.go:66:               + "status.phase" = "RUNNING"
TestTerraformConfluentPlatformSinglenodeExample 2022-08-01T17:48:33Z logger.go:66:             }
TestTerraformConfluentPlatformSinglenodeExample 2022-08-01T17:48:33Z logger.go:66:         }
TestTerraformConfluentPlatformSinglenodeExample 2022-08-01T17:48:33Z logger.go:66:     }
TestTerraformConfluentPlatformSinglenodeExample 2022-08-01T17:48:33Z logger.go:66:
TestTerraformConfluentPlatformSinglenodeExample 2022-08-01T17:48:33Z logger.go:66:   # module.confluent_platform_singlenode.kubernetes_manifest.components["schemaregistry"] will be created
TestTerraformConfluentPlatformSinglenodeExample 2022-08-01T17:48:33Z logger.go:66:   + resource "kubernetes_manifest" "components" {
TestTerraformConfluentPlatformSinglenodeExample 2022-08-01T17:48:33Z logger.go:66:       + computed_fields = [
TestTerraformConfluentPlatformSinglenodeExample 2022-08-01T17:48:33Z logger.go:66:           + "metadata.finalizers",
TestTerraformConfluentPlatformSinglenodeExample 2022-08-01T17:48:33Z logger.go:66:         ]
TestTerraformConfluentPlatformSinglenodeExample 2022-08-01T17:48:33Z logger.go:66:       + manifest        = {
TestTerraformConfluentPlatformSinglenodeExample 2022-08-01T17:48:33Z logger.go:66:           + apiVersion = "platform.confluent.io/v1beta1"
TestTerraformConfluentPlatformSinglenodeExample 2022-08-01T17:48:33Z logger.go:66:           + kind       = "SchemaRegistry"
TestTerraformConfluentPlatformSinglenodeExample 2022-08-01T17:48:33Z logger.go:66:           + metadata   = {
TestTerraformConfluentPlatformSinglenodeExample 2022-08-01T17:48:33Z logger.go:66:               + name      = "schemaregistry"
TestTerraformConfluentPlatformSinglenodeExample 2022-08-01T17:48:33Z logger.go:66:               + namespace = "confluent"
TestTerraformConfluentPlatformSinglenodeExample 2022-08-01T17:48:33Z logger.go:66:             }
TestTerraformConfluentPlatformSinglenodeExample 2022-08-01T17:48:33Z logger.go:66:           + spec       = {
TestTerraformConfluentPlatformSinglenodeExample 2022-08-01T17:48:33Z logger.go:66:               + image       = {
TestTerraformConfluentPlatformSinglenodeExample 2022-08-01T17:48:33Z logger.go:66:                   + application = "confluentinc/cp-schema-registry:7.2.0"
TestTerraformConfluentPlatformSinglenodeExample 2022-08-01T17:48:33Z logger.go:66:                   + init        = "confluentinc/confluent-init-container:2.4.0"
TestTerraformConfluentPlatformSinglenodeExample 2022-08-01T17:48:33Z logger.go:66:                 }
TestTerraformConfluentPlatformSinglenodeExample 2022-08-01T17:48:33Z logger.go:66:               + podTemplate = {
TestTerraformConfluentPlatformSinglenodeExample 2022-08-01T17:48:33Z logger.go:66:                   + podSecurityContext = {
TestTerraformConfluentPlatformSinglenodeExample 2022-08-01T17:48:33Z logger.go:66:                       + fsGroup      = 1000
TestTerraformConfluentPlatformSinglenodeExample 2022-08-01T17:48:33Z logger.go:66:                       + runAsNonRoot = true
TestTerraformConfluentPlatformSinglenodeExample 2022-08-01T17:48:33Z logger.go:66:                       + runAsUser    = 1000
TestTerraformConfluentPlatformSinglenodeExample 2022-08-01T17:48:33Z logger.go:66:                     }
TestTerraformConfluentPlatformSinglenodeExample 2022-08-01T17:48:33Z logger.go:66:                   + resources          = {
TestTerraformConfluentPlatformSinglenodeExample 2022-08-01T17:48:33Z logger.go:66:                       + requests = {
TestTerraformConfluentPlatformSinglenodeExample 2022-08-01T17:48:33Z logger.go:66:                           + cpu    = "100m"
TestTerraformConfluentPlatformSinglenodeExample 2022-08-01T17:48:33Z logger.go:66:                           + memory = "256Mi"
TestTerraformConfluentPlatformSinglenodeExample 2022-08-01T17:48:33Z logger.go:66:                         }
TestTerraformConfluentPlatformSinglenodeExample 2022-08-01T17:48:33Z logger.go:66:                     }
TestTerraformConfluentPlatformSinglenodeExample 2022-08-01T17:48:33Z logger.go:66:                 }
TestTerraformConfluentPlatformSinglenodeExample 2022-08-01T17:48:33Z logger.go:66:               + replicas    = 1
TestTerraformConfluentPlatformSinglenodeExample 2022-08-01T17:48:33Z logger.go:66:             }
TestTerraformConfluentPlatformSinglenodeExample 2022-08-01T17:48:33Z logger.go:66:         }
TestTerraformConfluentPlatformSinglenodeExample 2022-08-01T17:48:33Z logger.go:66:       + object          = {
TestTerraformConfluentPlatformSinglenodeExample 2022-08-01T17:48:33Z logger.go:66:           + apiVersion = "platform.confluent.io/v1beta1"
TestTerraformConfluentPlatformSinglenodeExample 2022-08-01T17:48:33Z logger.go:66:           + kind       = "SchemaRegistry"
TestTerraformConfluentPlatformSinglenodeExample 2022-08-01T17:48:33Z logger.go:66:           + metadata   = {
TestTerraformConfluentPlatformSinglenodeExample 2022-08-01T17:48:33Z logger.go:66:               + annotations                = (known after apply)
TestTerraformConfluentPlatformSinglenodeExample 2022-08-01T17:48:33Z logger.go:66:               + clusterName                = (known after apply)
TestTerraformConfluentPlatformSinglenodeExample 2022-08-01T17:48:33Z logger.go:66:               + creationTimestamp          = (known after apply)
TestTerraformConfluentPlatformSinglenodeExample 2022-08-01T17:48:33Z logger.go:66:               + deletionGracePeriodSeconds = (known after apply)
TestTerraformConfluentPlatformSinglenodeExample 2022-08-01T17:48:33Z logger.go:66:               + deletionTimestamp          = (known after apply)
TestTerraformConfluentPlatformSinglenodeExample 2022-08-01T17:48:33Z logger.go:66:               + finalizers                 = (known after apply)
TestTerraformConfluentPlatformSinglenodeExample 2022-08-01T17:48:33Z logger.go:66:               + generateName               = (known after apply)
TestTerraformConfluentPlatformSinglenodeExample 2022-08-01T17:48:33Z logger.go:66:               + generation                 = (known after apply)
TestTerraformConfluentPlatformSinglenodeExample 2022-08-01T17:48:33Z logger.go:66:               + labels                     = (known after apply)
TestTerraformConfluentPlatformSinglenodeExample 2022-08-01T17:48:33Z logger.go:66:               + managedFields              = (known after apply)
TestTerraformConfluentPlatformSinglenodeExample 2022-08-01T17:48:33Z logger.go:66:               + name                       = "schemaregistry"
TestTerraformConfluentPlatformSinglenodeExample 2022-08-01T17:48:33Z logger.go:66:               + namespace                  = "confluent"
TestTerraformConfluentPlatformSinglenodeExample 2022-08-01T17:48:33Z logger.go:66:               + ownerReferences            = (known after apply)
TestTerraformConfluentPlatformSinglenodeExample 2022-08-01T17:48:33Z logger.go:66:               + resourceVersion            = (known after apply)
TestTerraformConfluentPlatformSinglenodeExample 2022-08-01T17:48:33Z logger.go:66:               + selfLink                   = (known after apply)
TestTerraformConfluentPlatformSinglenodeExample 2022-08-01T17:48:33Z logger.go:66:               + uid                        = (known after apply)
TestTerraformConfluentPlatformSinglenodeExample 2022-08-01T17:48:33Z logger.go:66:             }
TestTerraformConfluentPlatformSinglenodeExample 2022-08-01T17:48:33Z logger.go:66:           + spec       = {
TestTerraformConfluentPlatformSinglenodeExample 2022-08-01T17:48:33Z logger.go:66:               + authentication                = {
TestTerraformConfluentPlatformSinglenodeExample 2022-08-01T17:48:33Z logger.go:66:                   + basic = {
TestTerraformConfluentPlatformSinglenodeExample 2022-08-01T17:48:33Z logger.go:66:                       + debug                    = (known after apply)
TestTerraformConfluentPlatformSinglenodeExample 2022-08-01T17:48:33Z logger.go:66:                       + directoryPathInContainer = (known after apply)
TestTerraformConfluentPlatformSinglenodeExample 2022-08-01T17:48:33Z logger.go:66:                       + restrictedRoles          = (known after apply)
TestTerraformConfluentPlatformSinglenodeExample 2022-08-01T17:48:33Z logger.go:66:                       + roles                    = (known after apply)
TestTerraformConfluentPlatformSinglenodeExample 2022-08-01T17:48:33Z logger.go:66:                       + secretRef                = (known after apply)
TestTerraformConfluentPlatformSinglenodeExample 2022-08-01T17:48:33Z logger.go:66:                     }
TestTerraformConfluentPlatformSinglenodeExample 2022-08-01T17:48:33Z logger.go:66:                   + type  = (known after apply)
TestTerraformConfluentPlatformSinglenodeExample 2022-08-01T17:48:33Z logger.go:66:                 }
TestTerraformConfluentPlatformSinglenodeExample 2022-08-01T17:48:33Z logger.go:66:               + authorization                 = {
TestTerraformConfluentPlatformSinglenodeExample 2022-08-01T17:48:33Z logger.go:66:                   + kafkaRestClassRef = {
TestTerraformConfluentPlatformSinglenodeExample 2022-08-01T17:48:33Z logger.go:66:                       + name      = (known after apply)
TestTerraformConfluentPlatformSinglenodeExample 2022-08-01T17:48:33Z logger.go:66:                       + namespace = (known after apply)
TestTerraformConfluentPlatformSinglenodeExample 2022-08-01T17:48:33Z logger.go:66:                     }
TestTerraformConfluentPlatformSinglenodeExample 2022-08-01T17:48:33Z logger.go:66:                   + type              = (known after apply)
TestTerraformConfluentPlatformSinglenodeExample 2022-08-01T17:48:33Z logger.go:66:                 }
TestTerraformConfluentPlatformSinglenodeExample 2022-08-01T17:48:33Z logger.go:66:               + configOverrides               = {
TestTerraformConfluentPlatformSinglenodeExample 2022-08-01T17:48:33Z logger.go:66:                   + jvm    = (known after apply)
TestTerraformConfluentPlatformSinglenodeExample 2022-08-01T17:48:33Z logger.go:66:                   + log4j  = (known after apply)
TestTerraformConfluentPlatformSinglenodeExample 2022-08-01T17:48:33Z logger.go:66:                   + server = (known after apply)
TestTerraformConfluentPlatformSinglenodeExample 2022-08-01T17:48:33Z logger.go:66:                 }
TestTerraformConfluentPlatformSinglenodeExample 2022-08-01T17:48:33Z logger.go:66:               + dependencies                  = {
TestTerraformConfluentPlatformSinglenodeExample 2022-08-01T17:48:33Z logger.go:66:                   + kafka = {
TestTerraformConfluentPlatformSinglenodeExample 2022-08-01T17:48:33Z logger.go:66:                       + authentication    = {
TestTerraformConfluentPlatformSinglenodeExample 2022-08-01T17:48:33Z logger.go:66:                           + jaasConfig            = {
TestTerraformConfluentPlatformSinglenodeExample 2022-08-01T17:48:33Z logger.go:66:                               + secretRef = (known after apply)
TestTerraformConfluentPlatformSinglenodeExample 2022-08-01T17:48:33Z logger.go:66:                             }
TestTerraformConfluentPlatformSinglenodeExample 2022-08-01T17:48:33Z logger.go:66:                           + jaasConfigPassThrough = {
TestTerraformConfluentPlatformSinglenodeExample 2022-08-01T17:48:33Z logger.go:66:                               + directoryPathInContainer = (known after apply)
TestTerraformConfluentPlatformSinglenodeExample 2022-08-01T17:48:33Z logger.go:66:                               + secretRef                = (known after apply)
TestTerraformConfluentPlatformSinglenodeExample 2022-08-01T17:48:33Z logger.go:66:                             }
TestTerraformConfluentPlatformSinglenodeExample 2022-08-01T17:48:33Z logger.go:66:                           + oauthbearer           = {
TestTerraformConfluentPlatformSinglenodeExample 2022-08-01T17:48:33Z logger.go:66:                               + directoryPathInContainer = (known after apply)
TestTerraformConfluentPlatformSinglenodeExample 2022-08-01T17:48:33Z logger.go:66:                               + secretRef                = (known after apply)
TestTerraformConfluentPlatformSinglenodeExample 2022-08-01T17:48:33Z logger.go:66:                             }
TestTerraformConfluentPlatformSinglenodeExample 2022-08-01T17:48:33Z logger.go:66:                           + type                  = (known after apply)
TestTerraformConfluentPlatformSinglenodeExample 2022-08-01T17:48:33Z logger.go:66:                         }
TestTerraformConfluentPlatformSinglenodeExample 2022-08-01T17:48:33Z logger.go:66:                       + bootstrapEndpoint = (known after apply)
TestTerraformConfluentPlatformSinglenodeExample 2022-08-01T17:48:33Z logger.go:66:                       + discovery         = {
TestTerraformConfluentPlatformSinglenodeExample 2022-08-01T17:48:33Z logger.go:66:                           + name      = (known after apply)
TestTerraformConfluentPlatformSinglenodeExample 2022-08-01T17:48:33Z logger.go:66:                           + namespace = (known after apply)
TestTerraformConfluentPlatformSinglenodeExample 2022-08-01T17:48:33Z logger.go:66:                           + secretRef = (known after apply)
TestTerraformConfluentPlatformSinglenodeExample 2022-08-01T17:48:33Z logger.go:66:                         }
TestTerraformConfluentPlatformSinglenodeExample 2022-08-01T17:48:33Z logger.go:66:                       + tls               = {
TestTerraformConfluentPlatformSinglenodeExample 2022-08-01T17:48:33Z logger.go:66:                           + directoryPathInContainer = (known after apply)
TestTerraformConfluentPlatformSinglenodeExample 2022-08-01T17:48:33Z logger.go:66:                           + enabled                  = (known after apply)
TestTerraformConfluentPlatformSinglenodeExample 2022-08-01T17:48:33Z logger.go:66:                           + ignoreTrustStoreConfig   = (known after apply)
TestTerraformConfluentPlatformSinglenodeExample 2022-08-01T17:48:33Z logger.go:66:                           + jksPassword              = {
TestTerraformConfluentPlatformSinglenodeExample 2022-08-01T17:48:33Z logger.go:66:                               + secretRef = (known after apply)
TestTerraformConfluentPlatformSinglenodeExample 2022-08-01T17:48:33Z logger.go:66:                             }
TestTerraformConfluentPlatformSinglenodeExample 2022-08-01T17:48:33Z logger.go:66:                           + secretRef                = (known after apply)
TestTerraformConfluentPlatformSinglenodeExample 2022-08-01T17:48:33Z logger.go:66:                         }
TestTerraformConfluentPlatformSinglenodeExample 2022-08-01T17:48:33Z logger.go:66:                     }
TestTerraformConfluentPlatformSinglenodeExample 2022-08-01T17:48:33Z logger.go:66:                   + mds   = {
TestTerraformConfluentPlatformSinglenodeExample 2022-08-01T17:48:33Z logger.go:66:                       + authentication = {
TestTerraformConfluentPlatformSinglenodeExample 2022-08-01T17:48:33Z logger.go:66:                           + bearer = {
TestTerraformConfluentPlatformSinglenodeExample 2022-08-01T17:48:33Z logger.go:66:                               + directoryPathInContainer = (known after apply)
TestTerraformConfluentPlatformSinglenodeExample 2022-08-01T17:48:33Z logger.go:66:                               + secretRef                = (known after apply)
TestTerraformConfluentPlatformSinglenodeExample 2022-08-01T17:48:33Z logger.go:66:                             }
TestTerraformConfluentPlatformSinglenodeExample 2022-08-01T17:48:33Z logger.go:66:                           + type   = (known after apply)
TestTerraformConfluentPlatformSinglenodeExample 2022-08-01T17:48:33Z logger.go:66:                         }
TestTerraformConfluentPlatformSinglenodeExample 2022-08-01T17:48:33Z logger.go:66:                       + endpoint       = (known after apply)
TestTerraformConfluentPlatformSinglenodeExample 2022-08-01T17:48:33Z logger.go:66:                       + tls            = {
TestTerraformConfluentPlatformSinglenodeExample 2022-08-01T17:48:33Z logger.go:66:                           + directoryPathInContainer = (known after apply)
TestTerraformConfluentPlatformSinglenodeExample 2022-08-01T17:48:33Z logger.go:66:                           + enabled                  = (known after apply)
TestTerraformConfluentPlatformSinglenodeExample 2022-08-01T17:48:33Z logger.go:66:                           + ignoreTrustStoreConfig   = (known after apply)
TestTerraformConfluentPlatformSinglenodeExample 2022-08-01T17:48:33Z logger.go:66:                           + jksPassword              = {
TestTerraformConfluentPlatformSinglenodeExample 2022-08-01T17:48:33Z logger.go:66:                               + secretRef = (known after apply)
TestTerraformConfluentPlatformSinglenodeExample 2022-08-01T17:48:33Z logger.go:66:                             }
TestTerraformConfluentPlatformSinglenodeExample 2022-08-01T17:48:33Z logger.go:66:                           + secretRef                = (known after apply)
TestTerraformConfluentPlatformSinglenodeExample 2022-08-01T17:48:33Z logger.go:66:                         }
TestTerraformConfluentPlatformSinglenodeExample 2022-08-01T17:48:33Z logger.go:66:                       + tokenKeyPair   = {
TestTerraformConfluentPlatformSinglenodeExample 2022-08-01T17:48:33Z logger.go:66:                           + directoryPathInContainer = (known after apply)
TestTerraformConfluentPlatformSinglenodeExample 2022-08-01T17:48:33Z logger.go:66:                           + secretRef                = (known after apply)
TestTerraformConfluentPlatformSinglenodeExample 2022-08-01T17:48:33Z logger.go:66:                         }
TestTerraformConfluentPlatformSinglenodeExample 2022-08-01T17:48:33Z logger.go:66:                     }
TestTerraformConfluentPlatformSinglenodeExample 2022-08-01T17:48:33Z logger.go:66:                 }
TestTerraformConfluentPlatformSinglenodeExample 2022-08-01T17:48:33Z logger.go:66:               + enableSchemaExporter          = (known after apply)
TestTerraformConfluentPlatformSinglenodeExample 2022-08-01T17:48:33Z logger.go:66:               + externalAccess                = {
TestTerraformConfluentPlatformSinglenodeExample 2022-08-01T17:48:33Z logger.go:66:                   + loadBalancer = {
TestTerraformConfluentPlatformSinglenodeExample 2022-08-01T17:48:33Z logger.go:66:                       + advertisedURL            = {
TestTerraformConfluentPlatformSinglenodeExample 2022-08-01T17:48:33Z logger.go:66:                           + enabled = (known after apply)
TestTerraformConfluentPlatformSinglenodeExample 2022-08-01T17:48:33Z logger.go:66:                           + prefix  = (known after apply)
TestTerraformConfluentPlatformSinglenodeExample 2022-08-01T17:48:33Z logger.go:66:                         }
TestTerraformConfluentPlatformSinglenodeExample 2022-08-01T17:48:33Z logger.go:66:                       + annotations              = (known after apply)
TestTerraformConfluentPlatformSinglenodeExample 2022-08-01T17:48:33Z logger.go:66:                       + domain                   = (known after apply)
TestTerraformConfluentPlatformSinglenodeExample 2022-08-01T17:48:33Z logger.go:66:                       + externalTrafficPolicy    = (known after apply)
TestTerraformConfluentPlatformSinglenodeExample 2022-08-01T17:48:33Z logger.go:66:                       + labels                   = (known after apply)
TestTerraformConfluentPlatformSinglenodeExample 2022-08-01T17:48:33Z logger.go:66:                       + loadBalancerSourceRanges = (known after apply)
TestTerraformConfluentPlatformSinglenodeExample 2022-08-01T17:48:33Z logger.go:66:                       + port                     = (known after apply)
TestTerraformConfluentPlatformSinglenodeExample 2022-08-01T17:48:33Z logger.go:66:                       + prefix                   = (known after apply)
TestTerraformConfluentPlatformSinglenodeExample 2022-08-01T17:48:33Z logger.go:66:                       + servicePorts             = (known after apply)
TestTerraformConfluentPlatformSinglenodeExample 2022-08-01T17:48:33Z logger.go:66:                       + sessionAffinity          = (known after apply)
TestTerraformConfluentPlatformSinglenodeExample 2022-08-01T17:48:33Z logger.go:66:                       + sessionAffinityConfig    = {
TestTerraformConfluentPlatformSinglenodeExample 2022-08-01T17:48:33Z logger.go:66:                           + clientIP = {
TestTerraformConfluentPlatformSinglenodeExample 2022-08-01T17:48:33Z logger.go:66:                               + timeoutSeconds = (known after apply)
TestTerraformConfluentPlatformSinglenodeExample 2022-08-01T17:48:33Z logger.go:66:                             }
TestTerraformConfluentPlatformSinglenodeExample 2022-08-01T17:48:33Z logger.go:66:                         }
TestTerraformConfluentPlatformSinglenodeExample 2022-08-01T17:48:33Z logger.go:66:                     }
TestTerraformConfluentPlatformSinglenodeExample 2022-08-01T17:48:33Z logger.go:66:                   + nodePort     = {
TestTerraformConfluentPlatformSinglenodeExample 2022-08-01T17:48:33Z logger.go:66:                       + advertisedURL         = {
TestTerraformConfluentPlatformSinglenodeExample 2022-08-01T17:48:33Z logger.go:66:                           + enabled = (known after apply)
TestTerraformConfluentPlatformSinglenodeExample 2022-08-01T17:48:33Z logger.go:66:                           + prefix  = (known after apply)
TestTerraformConfluentPlatformSinglenodeExample 2022-08-01T17:48:33Z logger.go:66:                         }
TestTerraformConfluentPlatformSinglenodeExample 2022-08-01T17:48:33Z logger.go:66:                       + annotations           = (known after apply)
TestTerraformConfluentPlatformSinglenodeExample 2022-08-01T17:48:33Z logger.go:66:                       + externalTrafficPolicy = (known after apply)
TestTerraformConfluentPlatformSinglenodeExample 2022-08-01T17:48:33Z logger.go:66:                       + host                  = (known after apply)
TestTerraformConfluentPlatformSinglenodeExample 2022-08-01T17:48:33Z logger.go:66:                       + labels                = (known after apply)
TestTerraformConfluentPlatformSinglenodeExample 2022-08-01T17:48:33Z logger.go:66:                       + nodePortOffset        = (known after apply)
TestTerraformConfluentPlatformSinglenodeExample 2022-08-01T17:48:33Z logger.go:66:                       + servicePorts          = (known after apply)
TestTerraformConfluentPlatformSinglenodeExample 2022-08-01T17:48:33Z logger.go:66:                       + sessionAffinity       = (known after apply)
TestTerraformConfluentPlatformSinglenodeExample 2022-08-01T17:48:33Z logger.go:66:                       + sessionAffinityConfig = {
TestTerraformConfluentPlatformSinglenodeExample 2022-08-01T17:48:33Z logger.go:66:                           + clientIP = {
TestTerraformConfluentPlatformSinglenodeExample 2022-08-01T17:48:33Z logger.go:66:                               + timeoutSeconds = (known after apply)
TestTerraformConfluentPlatformSinglenodeExample 2022-08-01T17:48:33Z logger.go:66:                             }
TestTerraformConfluentPlatformSinglenodeExample 2022-08-01T17:48:33Z logger.go:66:                         }
TestTerraformConfluentPlatformSinglenodeExample 2022-08-01T17:48:33Z logger.go:66:                     }
TestTerraformConfluentPlatformSinglenodeExample 2022-08-01T17:48:33Z logger.go:66:                   + route        = {
TestTerraformConfluentPlatformSinglenodeExample 2022-08-01T17:48:33Z logger.go:66:                       + annotations    = (known after apply)
TestTerraformConfluentPlatformSinglenodeExample 2022-08-01T17:48:33Z logger.go:66:                       + domain         = (known after apply)
TestTerraformConfluentPlatformSinglenodeExample 2022-08-01T17:48:33Z logger.go:66:                       + labels         = (known after apply)
TestTerraformConfluentPlatformSinglenodeExample 2022-08-01T17:48:33Z logger.go:66:                       + prefix         = (known after apply)
TestTerraformConfluentPlatformSinglenodeExample 2022-08-01T17:48:33Z logger.go:66:                       + wildcardPolicy = (known after apply)
TestTerraformConfluentPlatformSinglenodeExample 2022-08-01T17:48:33Z logger.go:66:                     }
TestTerraformConfluentPlatformSinglenodeExample 2022-08-01T17:48:33Z logger.go:66:                   + type         = (known after apply)
TestTerraformConfluentPlatformSinglenodeExample 2022-08-01T17:48:33Z logger.go:66:                 }
TestTerraformConfluentPlatformSinglenodeExample 2022-08-01T17:48:33Z logger.go:66:               + headlessService               = {
TestTerraformConfluentPlatformSinglenodeExample 2022-08-01T17:48:33Z logger.go:66:                   + annotations              = (known after apply)
TestTerraformConfluentPlatformSinglenodeExample 2022-08-01T17:48:33Z logger.go:66:                   + labels                   = (known after apply)
TestTerraformConfluentPlatformSinglenodeExample 2022-08-01T17:48:33Z logger.go:66:                   + publishNotReadyAddresses = (known after apply)
TestTerraformConfluentPlatformSinglenodeExample 2022-08-01T17:48:33Z logger.go:66:                 }
TestTerraformConfluentPlatformSinglenodeExample 2022-08-01T17:48:33Z logger.go:66:               + image                         = {
TestTerraformConfluentPlatformSinglenodeExample 2022-08-01T17:48:33Z logger.go:66:                   + application   = "confluentinc/cp-schema-registry:7.2.0"
TestTerraformConfluentPlatformSinglenodeExample 2022-08-01T17:48:33Z logger.go:66:                   + init          = "confluentinc/confluent-init-container:2.4.0"
TestTerraformConfluentPlatformSinglenodeExample 2022-08-01T17:48:33Z logger.go:66:                   + pullPolicy    = (known after apply)
TestTerraformConfluentPlatformSinglenodeExample 2022-08-01T17:48:33Z logger.go:66:                   + pullSecretRef = (known after apply)
TestTerraformConfluentPlatformSinglenodeExample 2022-08-01T17:48:33Z logger.go:66:                 }
TestTerraformConfluentPlatformSinglenodeExample 2022-08-01T17:48:33Z logger.go:66:               + injectAnnotations             = (known after apply)
TestTerraformConfluentPlatformSinglenodeExample 2022-08-01T17:48:33Z logger.go:66:               + injectLabels                  = (known after apply)
TestTerraformConfluentPlatformSinglenodeExample 2022-08-01T17:48:33Z logger.go:66:               + internalTopicReplicatorFactor = (known after apply)
TestTerraformConfluentPlatformSinglenodeExample 2022-08-01T17:48:33Z logger.go:66:               + k8sClusterDomain              = (known after apply)
TestTerraformConfluentPlatformSinglenodeExample 2022-08-01T17:48:33Z logger.go:66:               + license                       = {
TestTerraformConfluentPlatformSinglenodeExample 2022-08-01T17:48:33Z logger.go:66:                   + directoryPathInContainer = (known after apply)
TestTerraformConfluentPlatformSinglenodeExample 2022-08-01T17:48:33Z logger.go:66:                   + globalLicense            = (known after apply)
TestTerraformConfluentPlatformSinglenodeExample 2022-08-01T17:48:33Z logger.go:66:                   + secretRef                = (known after apply)
TestTerraformConfluentPlatformSinglenodeExample 2022-08-01T17:48:33Z logger.go:66:                 }
TestTerraformConfluentPlatformSinglenodeExample 2022-08-01T17:48:33Z logger.go:66:               + metrics                       = {
TestTerraformConfluentPlatformSinglenodeExample 2022-08-01T17:48:33Z logger.go:66:                   + authentication = {
TestTerraformConfluentPlatformSinglenodeExample 2022-08-01T17:48:33Z logger.go:66:                       + type = (known after apply)
TestTerraformConfluentPlatformSinglenodeExample 2022-08-01T17:48:33Z logger.go:66:                     }
TestTerraformConfluentPlatformSinglenodeExample 2022-08-01T17:48:33Z logger.go:66:                   + prometheus     = {
TestTerraformConfluentPlatformSinglenodeExample 2022-08-01T17:48:33Z logger.go:66:                       + blacklist = (known after apply)
TestTerraformConfluentPlatformSinglenodeExample 2022-08-01T17:48:33Z logger.go:66:                       + rules     = (known after apply)
TestTerraformConfluentPlatformSinglenodeExample 2022-08-01T17:48:33Z logger.go:66:                       + whitelist = (known after apply)
TestTerraformConfluentPlatformSinglenodeExample 2022-08-01T17:48:33Z logger.go:66:                     }
TestTerraformConfluentPlatformSinglenodeExample 2022-08-01T17:48:33Z logger.go:66:                   + tls            = {
TestTerraformConfluentPlatformSinglenodeExample 2022-08-01T17:48:33Z logger.go:66:                       + directoryPathInContainer = (known after apply)
TestTerraformConfluentPlatformSinglenodeExample 2022-08-01T17:48:33Z logger.go:66:                       + enabled                  = (known after apply)
TestTerraformConfluentPlatformSinglenodeExample 2022-08-01T17:48:33Z logger.go:66:                       + ignoreTrustStoreConfig   = (known after apply)
TestTerraformConfluentPlatformSinglenodeExample 2022-08-01T17:48:33Z logger.go:66:                       + jksPassword              = {
TestTerraformConfluentPlatformSinglenodeExample 2022-08-01T17:48:33Z logger.go:66:                           + secretRef = (known after apply)
TestTerraformConfluentPlatformSinglenodeExample 2022-08-01T17:48:33Z logger.go:66:                         }
TestTerraformConfluentPlatformSinglenodeExample 2022-08-01T17:48:33Z logger.go:66:                       + secretRef                = (known after apply)
TestTerraformConfluentPlatformSinglenodeExample 2022-08-01T17:48:33Z logger.go:66:                     }
TestTerraformConfluentPlatformSinglenodeExample 2022-08-01T17:48:33Z logger.go:66:                 }
TestTerraformConfluentPlatformSinglenodeExample 2022-08-01T17:48:33Z logger.go:66:               + mountedSecrets                = (known after apply)
TestTerraformConfluentPlatformSinglenodeExample 2022-08-01T17:48:33Z logger.go:66:               + mountedVolumes                = {
TestTerraformConfluentPlatformSinglenodeExample 2022-08-01T17:48:33Z logger.go:66:                   + volumeMounts = (known after apply)
TestTerraformConfluentPlatformSinglenodeExample 2022-08-01T17:48:33Z logger.go:66:                   + volumes      = (known after apply)
TestTerraformConfluentPlatformSinglenodeExample 2022-08-01T17:48:33Z logger.go:66:                 }
TestTerraformConfluentPlatformSinglenodeExample 2022-08-01T17:48:33Z logger.go:66:               + oneReplicaPerNode             = (known after apply)
TestTerraformConfluentPlatformSinglenodeExample 2022-08-01T17:48:33Z logger.go:66:               + passwordEncoder               = {
TestTerraformConfluentPlatformSinglenodeExample 2022-08-01T17:48:33Z logger.go:66:                   + directoryPathInContainer = (known after apply)
TestTerraformConfluentPlatformSinglenodeExample 2022-08-01T17:48:33Z logger.go:66:                   + secretRef                = (known after apply)
TestTerraformConfluentPlatformSinglenodeExample 2022-08-01T17:48:33Z logger.go:66:                 }
TestTerraformConfluentPlatformSinglenodeExample 2022-08-01T17:48:33Z logger.go:66:               + podTemplate                   = {
TestTerraformConfluentPlatformSinglenodeExample 2022-08-01T17:48:33Z logger.go:66:                   + affinity                      = {
TestTerraformConfluentPlatformSinglenodeExample 2022-08-01T17:48:33Z logger.go:66:                       + nodeAffinity    = {
TestTerraformConfluentPlatformSinglenodeExample 2022-08-01T17:48:33Z logger.go:66:                           + preferredDuringSchedulingIgnoredDuringExecution = (known after apply)
TestTerraformConfluentPlatformSinglenodeExample 2022-08-01T17:48:33Z logger.go:66:                           + requiredDuringSchedulingIgnoredDuringExecution  = {
TestTerraformConfluentPlatformSinglenodeExample 2022-08-01T17:48:33Z logger.go:66:                               + nodeSelectorTerms = (known after apply)
TestTerraformConfluentPlatformSinglenodeExample 2022-08-01T17:48:33Z logger.go:66:                             }
TestTerraformConfluentPlatformSinglenodeExample 2022-08-01T17:48:33Z logger.go:66:                         }
TestTerraformConfluentPlatformSinglenodeExample 2022-08-01T17:48:33Z logger.go:66:                       + podAffinity     = {
TestTerraformConfluentPlatformSinglenodeExample 2022-08-01T17:48:33Z logger.go:66:                           + preferredDuringSchedulingIgnoredDuringExecution = (known after apply)
TestTerraformConfluentPlatformSinglenodeExample 2022-08-01T17:48:33Z logger.go:66:                           + requiredDuringSchedulingIgnoredDuringExecution  = (known after apply)
TestTerraformConfluentPlatformSinglenodeExample 2022-08-01T17:48:33Z logger.go:66:                         }
TestTerraformConfluentPlatformSinglenodeExample 2022-08-01T17:48:33Z logger.go:66:                       + podAntiAffinity = {
TestTerraformConfluentPlatformSinglenodeExample 2022-08-01T17:48:33Z logger.go:66:                           + preferredDuringSchedulingIgnoredDuringExecution = (known after apply)
TestTerraformConfluentPlatformSinglenodeExample 2022-08-01T17:48:33Z logger.go:66:                           + requiredDuringSchedulingIgnoredDuringExecution  = (known after apply)
TestTerraformConfluentPlatformSinglenodeExample 2022-08-01T17:48:33Z logger.go:66:                         }
TestTerraformConfluentPlatformSinglenodeExample 2022-08-01T17:48:33Z logger.go:66:                     }
TestTerraformConfluentPlatformSinglenodeExample 2022-08-01T17:48:33Z logger.go:66:                   + annotations                   = (known after apply)
TestTerraformConfluentPlatformSinglenodeExample 2022-08-01T17:48:33Z logger.go:66:                   + envVars                       = (known after apply)
TestTerraformConfluentPlatformSinglenodeExample 2022-08-01T17:48:33Z logger.go:66:                   + labels                        = (known after apply)
TestTerraformConfluentPlatformSinglenodeExample 2022-08-01T17:48:33Z logger.go:66:                   + podSecurityContext            = {
TestTerraformConfluentPlatformSinglenodeExample 2022-08-01T17:48:33Z logger.go:66:                       + fsGroup             = 1000
TestTerraformConfluentPlatformSinglenodeExample 2022-08-01T17:48:33Z logger.go:66:                       + fsGroupChangePolicy = (known after apply)
TestTerraformConfluentPlatformSinglenodeExample 2022-08-01T17:48:33Z logger.go:66:                       + runAsGroup          = (known after apply)
TestTerraformConfluentPlatformSinglenodeExample 2022-08-01T17:48:33Z logger.go:66:                       + runAsNonRoot        = true
TestTerraformConfluentPlatformSinglenodeExample 2022-08-01T17:48:33Z logger.go:66:                       + runAsUser           = 1000
TestTerraformConfluentPlatformSinglenodeExample 2022-08-01T17:48:33Z logger.go:66:                       + seLinuxOptions      = {
TestTerraformConfluentPlatformSinglenodeExample 2022-08-01T17:48:33Z logger.go:66:                           + level = (known after apply)
TestTerraformConfluentPlatformSinglenodeExample 2022-08-01T17:48:33Z logger.go:66:                           + role  = (known after apply)
TestTerraformConfluentPlatformSinglenodeExample 2022-08-01T17:48:33Z logger.go:66:                           + type  = (known after apply)
TestTerraformConfluentPlatformSinglenodeExample 2022-08-01T17:48:33Z logger.go:66:                           + user  = (known after apply)
TestTerraformConfluentPlatformSinglenodeExample 2022-08-01T17:48:33Z logger.go:66:                         }
TestTerraformConfluentPlatformSinglenodeExample 2022-08-01T17:48:33Z logger.go:66:                       + seccompProfile      = {
TestTerraformConfluentPlatformSinglenodeExample 2022-08-01T17:48:33Z logger.go:66:                           + localhostProfile = (known after apply)
TestTerraformConfluentPlatformSinglenodeExample 2022-08-01T17:48:33Z logger.go:66:                           + type             = (known after apply)
TestTerraformConfluentPlatformSinglenodeExample 2022-08-01T17:48:33Z logger.go:66:                         }
TestTerraformConfluentPlatformSinglenodeExample 2022-08-01T17:48:33Z logger.go:66:                       + supplementalGroups  = (known after apply)
TestTerraformConfluentPlatformSinglenodeExample 2022-08-01T17:48:33Z logger.go:66:                       + sysctls             = (known after apply)
TestTerraformConfluentPlatformSinglenodeExample 2022-08-01T17:48:33Z logger.go:66:                       + windowsOptions      = {
TestTerraformConfluentPlatformSinglenodeExample 2022-08-01T17:48:33Z logger.go:66:                           + gmsaCredentialSpec     = (known after apply)
TestTerraformConfluentPlatformSinglenodeExample 2022-08-01T17:48:33Z logger.go:66:                           + gmsaCredentialSpecName = (known after apply)
TestTerraformConfluentPlatformSinglenodeExample 2022-08-01T17:48:33Z logger.go:66:                           + hostProcess            = (known after apply)
TestTerraformConfluentPlatformSinglenodeExample 2022-08-01T17:48:33Z logger.go:66:                           + runAsUserName          = (known after apply)
TestTerraformConfluentPlatformSinglenodeExample 2022-08-01T17:48:33Z logger.go:66:                         }
TestTerraformConfluentPlatformSinglenodeExample 2022-08-01T17:48:33Z logger.go:66:                     }
TestTerraformConfluentPlatformSinglenodeExample 2022-08-01T17:48:33Z logger.go:66:                   + priorityClassName             = (known after apply)
TestTerraformConfluentPlatformSinglenodeExample 2022-08-01T17:48:33Z logger.go:66:                   + probe                         = {
TestTerraformConfluentPlatformSinglenodeExample 2022-08-01T17:48:33Z logger.go:66:                       + liveness  = {
TestTerraformConfluentPlatformSinglenodeExample 2022-08-01T17:48:33Z logger.go:66:                           + failureThreshold    = (known after apply)
TestTerraformConfluentPlatformSinglenodeExample 2022-08-01T17:48:33Z logger.go:66:                           + initialDelaySeconds = (known after apply)
TestTerraformConfluentPlatformSinglenodeExample 2022-08-01T17:48:33Z logger.go:66:                           + periodSeconds       = (known after apply)
TestTerraformConfluentPlatformSinglenodeExample 2022-08-01T17:48:33Z logger.go:66:                           + successThreshold    = (known after apply)
TestTerraformConfluentPlatformSinglenodeExample 2022-08-01T17:48:33Z logger.go:66:                           + timeoutSeconds      = (known after apply)
TestTerraformConfluentPlatformSinglenodeExample 2022-08-01T17:48:33Z logger.go:66:                         }
TestTerraformConfluentPlatformSinglenodeExample 2022-08-01T17:48:33Z logger.go:66:                       + readiness = {
TestTerraformConfluentPlatformSinglenodeExample 2022-08-01T17:48:33Z logger.go:66:                           + failureThreshold    = (known after apply)
TestTerraformConfluentPlatformSinglenodeExample 2022-08-01T17:48:33Z logger.go:66:                           + initialDelaySeconds = (known after apply)
TestTerraformConfluentPlatformSinglenodeExample 2022-08-01T17:48:33Z logger.go:66:                           + periodSeconds       = (known after apply)
TestTerraformConfluentPlatformSinglenodeExample 2022-08-01T17:48:33Z logger.go:66:                           + successThreshold    = (known after apply)
TestTerraformConfluentPlatformSinglenodeExample 2022-08-01T17:48:33Z logger.go:66:                           + timeoutSeconds      = (known after apply)
TestTerraformConfluentPlatformSinglenodeExample 2022-08-01T17:48:33Z logger.go:66:                         }
TestTerraformConfluentPlatformSinglenodeExample 2022-08-01T17:48:33Z logger.go:66:                     }
TestTerraformConfluentPlatformSinglenodeExample 2022-08-01T17:48:33Z logger.go:66:                   + resources                     = {
TestTerraformConfluentPlatformSinglenodeExample 2022-08-01T17:48:33Z logger.go:66:                       + limits   = (known after apply)
TestTerraformConfluentPlatformSinglenodeExample 2022-08-01T17:48:33Z logger.go:66:                       + requests = {
TestTerraformConfluentPlatformSinglenodeExample 2022-08-01T17:48:33Z logger.go:66:                           + "cpu"    = "100m"
TestTerraformConfluentPlatformSinglenodeExample 2022-08-01T17:48:33Z logger.go:66:                           + "memory" = "256Mi"
TestTerraformConfluentPlatformSinglenodeExample 2022-08-01T17:48:33Z logger.go:66:                         }
TestTerraformConfluentPlatformSinglenodeExample 2022-08-01T17:48:33Z logger.go:66:                     }
TestTerraformConfluentPlatformSinglenodeExample 2022-08-01T17:48:33Z logger.go:66:                   + securityContext               = {
TestTerraformConfluentPlatformSinglenodeExample 2022-08-01T17:48:33Z logger.go:66:                       + allowPrivilegeEscalation = (known after apply)
TestTerraformConfluentPlatformSinglenodeExample 2022-08-01T17:48:33Z logger.go:66:                       + capabilities             = {
TestTerraformConfluentPlatformSinglenodeExample 2022-08-01T17:48:33Z logger.go:66:                           + add  = (known after apply)
TestTerraformConfluentPlatformSinglenodeExample 2022-08-01T17:48:33Z logger.go:66:                           + drop = (known after apply)
TestTerraformConfluentPlatformSinglenodeExample 2022-08-01T17:48:33Z logger.go:66:                         }
TestTerraformConfluentPlatformSinglenodeExample 2022-08-01T17:48:33Z logger.go:66:                       + privileged               = (known after apply)
TestTerraformConfluentPlatformSinglenodeExample 2022-08-01T17:48:33Z logger.go:66:                       + procMount                = (known after apply)
TestTerraformConfluentPlatformSinglenodeExample 2022-08-01T17:48:33Z logger.go:66:                       + readOnlyRootFilesystem   = (known after apply)
TestTerraformConfluentPlatformSinglenodeExample 2022-08-01T17:48:33Z logger.go:66:                       + runAsGroup               = (known after apply)
TestTerraformConfluentPlatformSinglenodeExample 2022-08-01T17:48:33Z logger.go:66:                       + runAsNonRoot             = (known after apply)
TestTerraformConfluentPlatformSinglenodeExample 2022-08-01T17:48:33Z logger.go:66:                       + runAsUser                = (known after apply)
TestTerraformConfluentPlatformSinglenodeExample 2022-08-01T17:48:33Z logger.go:66:                       + seLinuxOptions           = {
TestTerraformConfluentPlatformSinglenodeExample 2022-08-01T17:48:33Z logger.go:66:                           + level = (known after apply)
TestTerraformConfluentPlatformSinglenodeExample 2022-08-01T17:48:33Z logger.go:66:                           + role  = (known after apply)
TestTerraformConfluentPlatformSinglenodeExample 2022-08-01T17:48:33Z logger.go:66:                           + type  = (known after apply)
TestTerraformConfluentPlatformSinglenodeExample 2022-08-01T17:48:33Z logger.go:66:                           + user  = (known after apply)
TestTerraformConfluentPlatformSinglenodeExample 2022-08-01T17:48:33Z logger.go:66:                         }
TestTerraformConfluentPlatformSinglenodeExample 2022-08-01T17:48:33Z logger.go:66:                       + seccompProfile           = {
TestTerraformConfluentPlatformSinglenodeExample 2022-08-01T17:48:33Z logger.go:66:                           + localhostProfile = (known after apply)
TestTerraformConfluentPlatformSinglenodeExample 2022-08-01T17:48:33Z logger.go:66:                           + type             = (known after apply)
TestTerraformConfluentPlatformSinglenodeExample 2022-08-01T17:48:33Z logger.go:66:                         }
TestTerraformConfluentPlatformSinglenodeExample 2022-08-01T17:48:33Z logger.go:66:                       + windowsOptions           = {
TestTerraformConfluentPlatformSinglenodeExample 2022-08-01T17:48:33Z logger.go:66:                           + gmsaCredentialSpec     = (known after apply)
TestTerraformConfluentPlatformSinglenodeExample 2022-08-01T17:48:33Z logger.go:66:                           + gmsaCredentialSpecName = (known after apply)
TestTerraformConfluentPlatformSinglenodeExample 2022-08-01T17:48:33Z logger.go:66:                           + hostProcess            = (known after apply)
TestTerraformConfluentPlatformSinglenodeExample 2022-08-01T17:48:33Z logger.go:66:                           + runAsUserName          = (known after apply)
TestTerraformConfluentPlatformSinglenodeExample 2022-08-01T17:48:33Z logger.go:66:                         }
TestTerraformConfluentPlatformSinglenodeExample 2022-08-01T17:48:33Z logger.go:66:                     }
TestTerraformConfluentPlatformSinglenodeExample 2022-08-01T17:48:33Z logger.go:66:                   + serviceAccountName            = (known after apply)
TestTerraformConfluentPlatformSinglenodeExample 2022-08-01T17:48:33Z logger.go:66:                   + terminationGracePeriodSeconds = (known after apply)
TestTerraformConfluentPlatformSinglenodeExample 2022-08-01T17:48:33Z logger.go:66:                   + tolerations                   = (known after apply)
TestTerraformConfluentPlatformSinglenodeExample 2022-08-01T17:48:33Z logger.go:66:                   + topologySpreadConstraints     = (known after apply)
TestTerraformConfluentPlatformSinglenodeExample 2022-08-01T17:48:33Z logger.go:66:                 }
TestTerraformConfluentPlatformSinglenodeExample 2022-08-01T17:48:33Z logger.go:66:               + replicas                      = 1
TestTerraformConfluentPlatformSinglenodeExample 2022-08-01T17:48:33Z logger.go:66:               + telemetry                     = {
TestTerraformConfluentPlatformSinglenodeExample 2022-08-01T17:48:33Z logger.go:66:                   + global = (known after apply)
TestTerraformConfluentPlatformSinglenodeExample 2022-08-01T17:48:33Z logger.go:66:                 }
TestTerraformConfluentPlatformSinglenodeExample 2022-08-01T17:48:33Z logger.go:66:               + tls                           = {
TestTerraformConfluentPlatformSinglenodeExample 2022-08-01T17:48:33Z logger.go:66:                   + autoGeneratedCerts       = (known after apply)
TestTerraformConfluentPlatformSinglenodeExample 2022-08-01T17:48:33Z logger.go:66:                   + directoryPathInContainer = (known after apply)
TestTerraformConfluentPlatformSinglenodeExample 2022-08-01T17:48:33Z logger.go:66:                   + ignoreTrustStoreConfig   = (known after apply)
TestTerraformConfluentPlatformSinglenodeExample 2022-08-01T17:48:33Z logger.go:66:                   + jksPassword              = {
TestTerraformConfluentPlatformSinglenodeExample 2022-08-01T17:48:33Z logger.go:66:                       + secretRef = (known after apply)
TestTerraformConfluentPlatformSinglenodeExample 2022-08-01T17:48:33Z logger.go:66:                     }
TestTerraformConfluentPlatformSinglenodeExample 2022-08-01T17:48:33Z logger.go:66:                   + secretRef                = (known after apply)
TestTerraformConfluentPlatformSinglenodeExample 2022-08-01T17:48:33Z logger.go:66:                 }
TestTerraformConfluentPlatformSinglenodeExample 2022-08-01T17:48:33Z logger.go:66:             }
TestTerraformConfluentPlatformSinglenodeExample 2022-08-01T17:48:33Z logger.go:66:         }
TestTerraformConfluentPlatformSinglenodeExample 2022-08-01T17:48:33Z logger.go:66:
TestTerraformConfluentPlatformSinglenodeExample 2022-08-01T17:48:33Z logger.go:66:       + timeouts {
TestTerraformConfluentPlatformSinglenodeExample 2022-08-01T17:48:33Z logger.go:66:           + create = "1h"
TestTerraformConfluentPlatformSinglenodeExample 2022-08-01T17:48:33Z logger.go:66:           + delete = "10m"
TestTerraformConfluentPlatformSinglenodeExample 2022-08-01T17:48:33Z logger.go:66:           + update = "1h"
TestTerraformConfluentPlatformSinglenodeExample 2022-08-01T17:48:33Z logger.go:66:         }
TestTerraformConfluentPlatformSinglenodeExample 2022-08-01T17:48:33Z logger.go:66:
TestTerraformConfluentPlatformSinglenodeExample 2022-08-01T17:48:33Z logger.go:66:       + wait {
TestTerraformConfluentPlatformSinglenodeExample 2022-08-01T17:48:33Z logger.go:66:           + fields = {
TestTerraformConfluentPlatformSinglenodeExample 2022-08-01T17:48:33Z logger.go:66:               + "status.phase" = "RUNNING"
TestTerraformConfluentPlatformSinglenodeExample 2022-08-01T17:48:33Z logger.go:66:             }
TestTerraformConfluentPlatformSinglenodeExample 2022-08-01T17:48:33Z logger.go:66:         }
TestTerraformConfluentPlatformSinglenodeExample 2022-08-01T17:48:33Z logger.go:66:     }
TestTerraformConfluentPlatformSinglenodeExample 2022-08-01T17:48:33Z logger.go:66:
TestTerraformConfluentPlatformSinglenodeExample 2022-08-01T17:48:33Z logger.go:66:   # module.confluent_platform_singlenode.kubernetes_manifest.components["zookeeper"] will be created
TestTerraformConfluentPlatformSinglenodeExample 2022-08-01T17:48:33Z logger.go:66:   + resource "kubernetes_manifest" "components" {
TestTerraformConfluentPlatformSinglenodeExample 2022-08-01T17:48:33Z logger.go:66:       + computed_fields = [
TestTerraformConfluentPlatformSinglenodeExample 2022-08-01T17:48:33Z logger.go:66:           + "metadata.finalizers",
TestTerraformConfluentPlatformSinglenodeExample 2022-08-01T17:48:33Z logger.go:66:         ]
TestTerraformConfluentPlatformSinglenodeExample 2022-08-01T17:48:33Z logger.go:66:       + manifest        = {
TestTerraformConfluentPlatformSinglenodeExample 2022-08-01T17:48:33Z logger.go:66:           + apiVersion = "platform.confluent.io/v1beta1"
TestTerraformConfluentPlatformSinglenodeExample 2022-08-01T17:48:33Z logger.go:66:           + kind       = "Zookeeper"
TestTerraformConfluentPlatformSinglenodeExample 2022-08-01T17:48:33Z logger.go:66:           + metadata   = {
TestTerraformConfluentPlatformSinglenodeExample 2022-08-01T17:48:33Z logger.go:66:               + name      = "zookeeper"
TestTerraformConfluentPlatformSinglenodeExample 2022-08-01T17:48:33Z logger.go:66:               + namespace = "confluent"
TestTerraformConfluentPlatformSinglenodeExample 2022-08-01T17:48:33Z logger.go:66:             }
TestTerraformConfluentPlatformSinglenodeExample 2022-08-01T17:48:33Z logger.go:66:           + spec       = {
TestTerraformConfluentPlatformSinglenodeExample 2022-08-01T17:48:33Z logger.go:66:               + dataVolumeCapacity = "10Gi"
TestTerraformConfluentPlatformSinglenodeExample 2022-08-01T17:48:33Z logger.go:66:               + image              = {
TestTerraformConfluentPlatformSinglenodeExample 2022-08-01T17:48:33Z logger.go:66:                   + application = "confluentinc/cp-zookeeper:7.2.0"
TestTerraformConfluentPlatformSinglenodeExample 2022-08-01T17:48:33Z logger.go:66:                   + init        = "confluentinc/confluent-init-container:2.4.0"
TestTerraformConfluentPlatformSinglenodeExample 2022-08-01T17:48:33Z logger.go:66:                 }
TestTerraformConfluentPlatformSinglenodeExample 2022-08-01T17:48:33Z logger.go:66:               + logVolumeCapacity  = "10Gi"
TestTerraformConfluentPlatformSinglenodeExample 2022-08-01T17:48:33Z logger.go:66:               + podTemplate        = {
TestTerraformConfluentPlatformSinglenodeExample 2022-08-01T17:48:33Z logger.go:66:                   + podSecurityContext = {
TestTerraformConfluentPlatformSinglenodeExample 2022-08-01T17:48:33Z logger.go:66:                       + fsGroup      = 1000
TestTerraformConfluentPlatformSinglenodeExample 2022-08-01T17:48:33Z logger.go:66:                       + runAsNonRoot = true
TestTerraformConfluentPlatformSinglenodeExample 2022-08-01T17:48:33Z logger.go:66:                       + runAsUser    = 1000
TestTerraformConfluentPlatformSinglenodeExample 2022-08-01T17:48:33Z logger.go:66:                     }
TestTerraformConfluentPlatformSinglenodeExample 2022-08-01T17:48:33Z logger.go:66:                   + resources          = {
TestTerraformConfluentPlatformSinglenodeExample 2022-08-01T17:48:33Z logger.go:66:                       + requests = {
TestTerraformConfluentPlatformSinglenodeExample 2022-08-01T17:48:33Z logger.go:66:                           + cpu    = "100m"
TestTerraformConfluentPlatformSinglenodeExample 2022-08-01T17:48:33Z logger.go:66:                           + memory = "256Mi"
TestTerraformConfluentPlatformSinglenodeExample 2022-08-01T17:48:33Z logger.go:66:                         }
TestTerraformConfluentPlatformSinglenodeExample 2022-08-01T17:48:33Z logger.go:66:                     }
TestTerraformConfluentPlatformSinglenodeExample 2022-08-01T17:48:33Z logger.go:66:                 }
TestTerraformConfluentPlatformSinglenodeExample 2022-08-01T17:48:33Z logger.go:66:               + replicas           = 1
TestTerraformConfluentPlatformSinglenodeExample 2022-08-01T17:48:33Z logger.go:66:             }
TestTerraformConfluentPlatformSinglenodeExample 2022-08-01T17:48:33Z logger.go:66:         }
TestTerraformConfluentPlatformSinglenodeExample 2022-08-01T17:48:33Z logger.go:66:       + object          = {
TestTerraformConfluentPlatformSinglenodeExample 2022-08-01T17:48:33Z logger.go:66:           + apiVersion = "platform.confluent.io/v1beta1"
TestTerraformConfluentPlatformSinglenodeExample 2022-08-01T17:48:33Z logger.go:66:           + kind       = "Zookeeper"
TestTerraformConfluentPlatformSinglenodeExample 2022-08-01T17:48:33Z logger.go:66:           + metadata   = {
TestTerraformConfluentPlatformSinglenodeExample 2022-08-01T17:48:33Z logger.go:66:               + annotations                = (known after apply)
TestTerraformConfluentPlatformSinglenodeExample 2022-08-01T17:48:33Z logger.go:66:               + clusterName                = (known after apply)
TestTerraformConfluentPlatformSinglenodeExample 2022-08-01T17:48:33Z logger.go:66:               + creationTimestamp          = (known after apply)
TestTerraformConfluentPlatformSinglenodeExample 2022-08-01T17:48:33Z logger.go:66:               + deletionGracePeriodSeconds = (known after apply)
TestTerraformConfluentPlatformSinglenodeExample 2022-08-01T17:48:33Z logger.go:66:               + deletionTimestamp          = (known after apply)
TestTerraformConfluentPlatformSinglenodeExample 2022-08-01T17:48:33Z logger.go:66:               + finalizers                 = (known after apply)
TestTerraformConfluentPlatformSinglenodeExample 2022-08-01T17:48:33Z logger.go:66:               + generateName               = (known after apply)
TestTerraformConfluentPlatformSinglenodeExample 2022-08-01T17:48:33Z logger.go:66:               + generation                 = (known after apply)
TestTerraformConfluentPlatformSinglenodeExample 2022-08-01T17:48:33Z logger.go:66:               + labels                     = (known after apply)
TestTerraformConfluentPlatformSinglenodeExample 2022-08-01T17:48:33Z logger.go:66:               + managedFields              = (known after apply)
TestTerraformConfluentPlatformSinglenodeExample 2022-08-01T17:48:33Z logger.go:66:               + name                       = "zookeeper"
TestTerraformConfluentPlatformSinglenodeExample 2022-08-01T17:48:33Z logger.go:66:               + namespace                  = "confluent"
TestTerraformConfluentPlatformSinglenodeExample 2022-08-01T17:48:33Z logger.go:66:               + ownerReferences            = (known after apply)
TestTerraformConfluentPlatformSinglenodeExample 2022-08-01T17:48:33Z logger.go:66:               + resourceVersion            = (known after apply)
TestTerraformConfluentPlatformSinglenodeExample 2022-08-01T17:48:33Z logger.go:66:               + selfLink                   = (known after apply)
TestTerraformConfluentPlatformSinglenodeExample 2022-08-01T17:48:33Z logger.go:66:               + uid                        = (known after apply)
TestTerraformConfluentPlatformSinglenodeExample 2022-08-01T17:48:33Z logger.go:66:             }
TestTerraformConfluentPlatformSinglenodeExample 2022-08-01T17:48:33Z logger.go:66:           + spec       = {
TestTerraformConfluentPlatformSinglenodeExample 2022-08-01T17:48:33Z logger.go:66:               + authentication     = {
TestTerraformConfluentPlatformSinglenodeExample 2022-08-01T17:48:33Z logger.go:66:                   + jaasConfig            = {
TestTerraformConfluentPlatformSinglenodeExample 2022-08-01T17:48:33Z logger.go:66:                       + secretRef = (known after apply)
TestTerraformConfluentPlatformSinglenodeExample 2022-08-01T17:48:33Z logger.go:66:                     }
TestTerraformConfluentPlatformSinglenodeExample 2022-08-01T17:48:33Z logger.go:66:                   + jaasConfigPassThrough = {
TestTerraformConfluentPlatformSinglenodeExample 2022-08-01T17:48:33Z logger.go:66:                       + directoryPathInContainer = (known after apply)
TestTerraformConfluentPlatformSinglenodeExample 2022-08-01T17:48:33Z logger.go:66:                       + secretRef                = (known after apply)
TestTerraformConfluentPlatformSinglenodeExample 2022-08-01T17:48:33Z logger.go:66:                     }
TestTerraformConfluentPlatformSinglenodeExample 2022-08-01T17:48:33Z logger.go:66:                   + principalMappingRules = (known after apply)
TestTerraformConfluentPlatformSinglenodeExample 2022-08-01T17:48:33Z logger.go:66:                   + type                  = (known after apply)
TestTerraformConfluentPlatformSinglenodeExample 2022-08-01T17:48:33Z logger.go:66:                 }
TestTerraformConfluentPlatformSinglenodeExample 2022-08-01T17:48:33Z logger.go:66:               + configOverrides    = {
TestTerraformConfluentPlatformSinglenodeExample 2022-08-01T17:48:33Z logger.go:66:                   + jvm    = (known after apply)
TestTerraformConfluentPlatformSinglenodeExample 2022-08-01T17:48:33Z logger.go:66:                   + log4j  = (known after apply)
TestTerraformConfluentPlatformSinglenodeExample 2022-08-01T17:48:33Z logger.go:66:                   + peers  = (known after apply)
TestTerraformConfluentPlatformSinglenodeExample 2022-08-01T17:48:33Z logger.go:66:                   + server = (known after apply)
TestTerraformConfluentPlatformSinglenodeExample 2022-08-01T17:48:33Z logger.go:66:                 }
TestTerraformConfluentPlatformSinglenodeExample 2022-08-01T17:48:33Z logger.go:66:               + dataVolumeCapacity = "10Gi"
TestTerraformConfluentPlatformSinglenodeExample 2022-08-01T17:48:33Z logger.go:66:               + headlessService    = {
TestTerraformConfluentPlatformSinglenodeExample 2022-08-01T17:48:33Z logger.go:66:                   + annotations              = (known after apply)
TestTerraformConfluentPlatformSinglenodeExample 2022-08-01T17:48:33Z logger.go:66:                   + labels                   = (known after apply)
TestTerraformConfluentPlatformSinglenodeExample 2022-08-01T17:48:33Z logger.go:66:                   + publishNotReadyAddresses = (known after apply)
TestTerraformConfluentPlatformSinglenodeExample 2022-08-01T17:48:33Z logger.go:66:                 }
TestTerraformConfluentPlatformSinglenodeExample 2022-08-01T17:48:33Z logger.go:66:               + image              = {
TestTerraformConfluentPlatformSinglenodeExample 2022-08-01T17:48:33Z logger.go:66:                   + application   = "confluentinc/cp-zookeeper:7.2.0"
TestTerraformConfluentPlatformSinglenodeExample 2022-08-01T17:48:33Z logger.go:66:                   + init          = "confluentinc/confluent-init-container:2.4.0"
TestTerraformConfluentPlatformSinglenodeExample 2022-08-01T17:48:33Z logger.go:66:                   + pullPolicy    = (known after apply)
TestTerraformConfluentPlatformSinglenodeExample 2022-08-01T17:48:33Z logger.go:66:                   + pullSecretRef = (known after apply)
TestTerraformConfluentPlatformSinglenodeExample 2022-08-01T17:48:33Z logger.go:66:                 }
TestTerraformConfluentPlatformSinglenodeExample 2022-08-01T17:48:33Z logger.go:66:               + injectAnnotations  = (known after apply)
TestTerraformConfluentPlatformSinglenodeExample 2022-08-01T17:48:33Z logger.go:66:               + injectLabels       = (known after apply)
TestTerraformConfluentPlatformSinglenodeExample 2022-08-01T17:48:33Z logger.go:66:               + k8sClusterDomain   = (known after apply)
TestTerraformConfluentPlatformSinglenodeExample 2022-08-01T17:48:33Z logger.go:66:               + license            = {
TestTerraformConfluentPlatformSinglenodeExample 2022-08-01T17:48:33Z logger.go:66:                   + directoryPathInContainer = (known after apply)
TestTerraformConfluentPlatformSinglenodeExample 2022-08-01T17:48:33Z logger.go:66:                   + globalLicense            = (known after apply)
TestTerraformConfluentPlatformSinglenodeExample 2022-08-01T17:48:33Z logger.go:66:                   + secretRef                = (known after apply)
TestTerraformConfluentPlatformSinglenodeExample 2022-08-01T17:48:33Z logger.go:66:                 }
TestTerraformConfluentPlatformSinglenodeExample 2022-08-01T17:48:33Z logger.go:66:               + logVolumeCapacity  = "10Gi"
TestTerraformConfluentPlatformSinglenodeExample 2022-08-01T17:48:33Z logger.go:66:               + metrics            = {
TestTerraformConfluentPlatformSinglenodeExample 2022-08-01T17:48:33Z logger.go:66:                   + authentication = {
TestTerraformConfluentPlatformSinglenodeExample 2022-08-01T17:48:33Z logger.go:66:                       + type = (known after apply)
TestTerraformConfluentPlatformSinglenodeExample 2022-08-01T17:48:33Z logger.go:66:                     }
TestTerraformConfluentPlatformSinglenodeExample 2022-08-01T17:48:33Z logger.go:66:                   + prometheus     = {
TestTerraformConfluentPlatformSinglenodeExample 2022-08-01T17:48:33Z logger.go:66:                       + blacklist = (known after apply)
TestTerraformConfluentPlatformSinglenodeExample 2022-08-01T17:48:33Z logger.go:66:                       + rules     = (known after apply)
TestTerraformConfluentPlatformSinglenodeExample 2022-08-01T17:48:33Z logger.go:66:                       + whitelist = (known after apply)
TestTerraformConfluentPlatformSinglenodeExample 2022-08-01T17:48:33Z logger.go:66:                     }
TestTerraformConfluentPlatformSinglenodeExample 2022-08-01T17:48:33Z logger.go:66:                   + tls            = {
TestTerraformConfluentPlatformSinglenodeExample 2022-08-01T17:48:33Z logger.go:66:                       + directoryPathInContainer = (known after apply)
TestTerraformConfluentPlatformSinglenodeExample 2022-08-01T17:48:33Z logger.go:66:                       + enabled                  = (known after apply)
TestTerraformConfluentPlatformSinglenodeExample 2022-08-01T17:48:33Z logger.go:66:                       + ignoreTrustStoreConfig   = (known after apply)
TestTerraformConfluentPlatformSinglenodeExample 2022-08-01T17:48:33Z logger.go:66:                       + jksPassword              = {
TestTerraformConfluentPlatformSinglenodeExample 2022-08-01T17:48:33Z logger.go:66:                           + secretRef = (known after apply)
TestTerraformConfluentPlatformSinglenodeExample 2022-08-01T17:48:33Z logger.go:66:                         }
TestTerraformConfluentPlatformSinglenodeExample 2022-08-01T17:48:33Z logger.go:66:                       + secretRef                = (known after apply)
TestTerraformConfluentPlatformSinglenodeExample 2022-08-01T17:48:33Z logger.go:66:                     }
TestTerraformConfluentPlatformSinglenodeExample 2022-08-01T17:48:33Z logger.go:66:                 }
TestTerraformConfluentPlatformSinglenodeExample 2022-08-01T17:48:33Z logger.go:66:               + mountedSecrets     = (known after apply)
TestTerraformConfluentPlatformSinglenodeExample 2022-08-01T17:48:33Z logger.go:66:               + mountedVolumes     = {
TestTerraformConfluentPlatformSinglenodeExample 2022-08-01T17:48:33Z logger.go:66:                   + volumeMounts = (known after apply)
TestTerraformConfluentPlatformSinglenodeExample 2022-08-01T17:48:33Z logger.go:66:                   + volumes      = (known after apply)
TestTerraformConfluentPlatformSinglenodeExample 2022-08-01T17:48:33Z logger.go:66:                 }
TestTerraformConfluentPlatformSinglenodeExample 2022-08-01T17:48:33Z logger.go:66:               + oneReplicaPerNode  = (known after apply)
TestTerraformConfluentPlatformSinglenodeExample 2022-08-01T17:48:33Z logger.go:66:               + podTemplate        = {
TestTerraformConfluentPlatformSinglenodeExample 2022-08-01T17:48:33Z logger.go:66:                   + affinity                      = {
TestTerraformConfluentPlatformSinglenodeExample 2022-08-01T17:48:33Z logger.go:66:                       + nodeAffinity    = {
TestTerraformConfluentPlatformSinglenodeExample 2022-08-01T17:48:33Z logger.go:66:                           + preferredDuringSchedulingIgnoredDuringExecution = (known after apply)
TestTerraformConfluentPlatformSinglenodeExample 2022-08-01T17:48:33Z logger.go:66:                           + requiredDuringSchedulingIgnoredDuringExecution  = {
TestTerraformConfluentPlatformSinglenodeExample 2022-08-01T17:48:33Z logger.go:66:                               + nodeSelectorTerms = (known after apply)
TestTerraformConfluentPlatformSinglenodeExample 2022-08-01T17:48:33Z logger.go:66:                             }
TestTerraformConfluentPlatformSinglenodeExample 2022-08-01T17:48:33Z logger.go:66:                         }
TestTerraformConfluentPlatformSinglenodeExample 2022-08-01T17:48:33Z logger.go:66:                       + podAffinity     = {
TestTerraformConfluentPlatformSinglenodeExample 2022-08-01T17:48:33Z logger.go:66:                           + preferredDuringSchedulingIgnoredDuringExecution = (known after apply)
TestTerraformConfluentPlatformSinglenodeExample 2022-08-01T17:48:33Z logger.go:66:                           + requiredDuringSchedulingIgnoredDuringExecution  = (known after apply)
TestTerraformConfluentPlatformSinglenodeExample 2022-08-01T17:48:33Z logger.go:66:                         }
TestTerraformConfluentPlatformSinglenodeExample 2022-08-01T17:48:33Z logger.go:66:                       + podAntiAffinity = {
TestTerraformConfluentPlatformSinglenodeExample 2022-08-01T17:48:33Z logger.go:66:                           + preferredDuringSchedulingIgnoredDuringExecution = (known after apply)
TestTerraformConfluentPlatformSinglenodeExample 2022-08-01T17:48:33Z logger.go:66:                           + requiredDuringSchedulingIgnoredDuringExecution  = (known after apply)
TestTerraformConfluentPlatformSinglenodeExample 2022-08-01T17:48:33Z logger.go:66:                         }
TestTerraformConfluentPlatformSinglenodeExample 2022-08-01T17:48:33Z logger.go:66:                     }
TestTerraformConfluentPlatformSinglenodeExample 2022-08-01T17:48:33Z logger.go:66:                   + annotations                   = (known after apply)
TestTerraformConfluentPlatformSinglenodeExample 2022-08-01T17:48:33Z logger.go:66:                   + envVars                       = (known after apply)
TestTerraformConfluentPlatformSinglenodeExample 2022-08-01T17:48:33Z logger.go:66:                   + labels                        = (known after apply)
TestTerraformConfluentPlatformSinglenodeExample 2022-08-01T17:48:33Z logger.go:66:                   + podSecurityContext            = {
TestTerraformConfluentPlatformSinglenodeExample 2022-08-01T17:48:33Z logger.go:66:                       + fsGroup             = 1000
TestTerraformConfluentPlatformSinglenodeExample 2022-08-01T17:48:33Z logger.go:66:                       + fsGroupChangePolicy = (known after apply)
TestTerraformConfluentPlatformSinglenodeExample 2022-08-01T17:48:33Z logger.go:66:                       + runAsGroup          = (known after apply)
TestTerraformConfluentPlatformSinglenodeExample 2022-08-01T17:48:33Z logger.go:66:                       + runAsNonRoot        = true
TestTerraformConfluentPlatformSinglenodeExample 2022-08-01T17:48:33Z logger.go:66:                       + runAsUser           = 1000
TestTerraformConfluentPlatformSinglenodeExample 2022-08-01T17:48:33Z logger.go:66:                       + seLinuxOptions      = {
TestTerraformConfluentPlatformSinglenodeExample 2022-08-01T17:48:33Z logger.go:66:                           + level = (known after apply)
TestTerraformConfluentPlatformSinglenodeExample 2022-08-01T17:48:33Z logger.go:66:                           + role  = (known after apply)
TestTerraformConfluentPlatformSinglenodeExample 2022-08-01T17:48:33Z logger.go:66:                           + type  = (known after apply)
TestTerraformConfluentPlatformSinglenodeExample 2022-08-01T17:48:33Z logger.go:66:                           + user  = (known after apply)
TestTerraformConfluentPlatformSinglenodeExample 2022-08-01T17:48:33Z logger.go:66:                         }
TestTerraformConfluentPlatformSinglenodeExample 2022-08-01T17:48:33Z logger.go:66:                       + seccompProfile      = {
TestTerraformConfluentPlatformSinglenodeExample 2022-08-01T17:48:33Z logger.go:66:                           + localhostProfile = (known after apply)
TestTerraformConfluentPlatformSinglenodeExample 2022-08-01T17:48:33Z logger.go:66:                           + type             = (known after apply)
TestTerraformConfluentPlatformSinglenodeExample 2022-08-01T17:48:33Z logger.go:66:                         }
TestTerraformConfluentPlatformSinglenodeExample 2022-08-01T17:48:33Z logger.go:66:                       + supplementalGroups  = (known after apply)
TestTerraformConfluentPlatformSinglenodeExample 2022-08-01T17:48:33Z logger.go:66:                       + sysctls             = (known after apply)
TestTerraformConfluentPlatformSinglenodeExample 2022-08-01T17:48:33Z logger.go:66:                       + windowsOptions      = {
TestTerraformConfluentPlatformSinglenodeExample 2022-08-01T17:48:33Z logger.go:66:                           + gmsaCredentialSpec     = (known after apply)
TestTerraformConfluentPlatformSinglenodeExample 2022-08-01T17:48:33Z logger.go:66:                           + gmsaCredentialSpecName = (known after apply)
TestTerraformConfluentPlatformSinglenodeExample 2022-08-01T17:48:33Z logger.go:66:                           + hostProcess            = (known after apply)
TestTerraformConfluentPlatformSinglenodeExample 2022-08-01T17:48:33Z logger.go:66:                           + runAsUserName          = (known after apply)
TestTerraformConfluentPlatformSinglenodeExample 2022-08-01T17:48:33Z logger.go:66:                         }
TestTerraformConfluentPlatformSinglenodeExample 2022-08-01T17:48:33Z logger.go:66:                     }
TestTerraformConfluentPlatformSinglenodeExample 2022-08-01T17:48:33Z logger.go:66:                   + priorityClassName             = (known after apply)
TestTerraformConfluentPlatformSinglenodeExample 2022-08-01T17:48:33Z logger.go:66:                   + probe                         = {
TestTerraformConfluentPlatformSinglenodeExample 2022-08-01T17:48:33Z logger.go:66:                       + liveness  = {
TestTerraformConfluentPlatformSinglenodeExample 2022-08-01T17:48:33Z logger.go:66:                           + failureThreshold    = (known after apply)
TestTerraformConfluentPlatformSinglenodeExample 2022-08-01T17:48:33Z logger.go:66:                           + initialDelaySeconds = (known after apply)
TestTerraformConfluentPlatformSinglenodeExample 2022-08-01T17:48:33Z logger.go:66:                           + periodSeconds       = (known after apply)
TestTerraformConfluentPlatformSinglenodeExample 2022-08-01T17:48:33Z logger.go:66:                           + successThreshold    = (known after apply)
TestTerraformConfluentPlatformSinglenodeExample 2022-08-01T17:48:33Z logger.go:66:                           + timeoutSeconds      = (known after apply)
TestTerraformConfluentPlatformSinglenodeExample 2022-08-01T17:48:33Z logger.go:66:                         }
TestTerraformConfluentPlatformSinglenodeExample 2022-08-01T17:48:33Z logger.go:66:                       + readiness = {
TestTerraformConfluentPlatformSinglenodeExample 2022-08-01T17:48:33Z logger.go:66:                           + failureThreshold    = (known after apply)
TestTerraformConfluentPlatformSinglenodeExample 2022-08-01T17:48:33Z logger.go:66:                           + initialDelaySeconds = (known after apply)
TestTerraformConfluentPlatformSinglenodeExample 2022-08-01T17:48:33Z logger.go:66:                           + periodSeconds       = (known after apply)
TestTerraformConfluentPlatformSinglenodeExample 2022-08-01T17:48:33Z logger.go:66:                           + successThreshold    = (known after apply)
TestTerraformConfluentPlatformSinglenodeExample 2022-08-01T17:48:33Z logger.go:66:                           + timeoutSeconds      = (known after apply)
TestTerraformConfluentPlatformSinglenodeExample 2022-08-01T17:48:33Z logger.go:66:                         }
TestTerraformConfluentPlatformSinglenodeExample 2022-08-01T17:48:33Z logger.go:66:                     }
TestTerraformConfluentPlatformSinglenodeExample 2022-08-01T17:48:33Z logger.go:66:                   + resources                     = {
TestTerraformConfluentPlatformSinglenodeExample 2022-08-01T17:48:33Z logger.go:66:                       + limits   = (known after apply)
TestTerraformConfluentPlatformSinglenodeExample 2022-08-01T17:48:33Z logger.go:66:                       + requests = {
TestTerraformConfluentPlatformSinglenodeExample 2022-08-01T17:48:33Z logger.go:66:                           + "cpu"    = "100m"
TestTerraformConfluentPlatformSinglenodeExample 2022-08-01T17:48:33Z logger.go:66:                           + "memory" = "256Mi"
TestTerraformConfluentPlatformSinglenodeExample 2022-08-01T17:48:33Z logger.go:66:                         }
TestTerraformConfluentPlatformSinglenodeExample 2022-08-01T17:48:33Z logger.go:66:                     }
TestTerraformConfluentPlatformSinglenodeExample 2022-08-01T17:48:33Z logger.go:66:                   + securityContext               = {
TestTerraformConfluentPlatformSinglenodeExample 2022-08-01T17:48:33Z logger.go:66:                       + allowPrivilegeEscalation = (known after apply)
TestTerraformConfluentPlatformSinglenodeExample 2022-08-01T17:48:33Z logger.go:66:                       + capabilities             = {
TestTerraformConfluentPlatformSinglenodeExample 2022-08-01T17:48:33Z logger.go:66:                           + add  = (known after apply)
TestTerraformConfluentPlatformSinglenodeExample 2022-08-01T17:48:33Z logger.go:66:                           + drop = (known after apply)
TestTerraformConfluentPlatformSinglenodeExample 2022-08-01T17:48:33Z logger.go:66:                         }
TestTerraformConfluentPlatformSinglenodeExample 2022-08-01T17:48:33Z logger.go:66:                       + privileged               = (known after apply)
TestTerraformConfluentPlatformSinglenodeExample 2022-08-01T17:48:33Z logger.go:66:                       + procMount                = (known after apply)
TestTerraformConfluentPlatformSinglenodeExample 2022-08-01T17:48:33Z logger.go:66:                       + readOnlyRootFilesystem   = (known after apply)
TestTerraformConfluentPlatformSinglenodeExample 2022-08-01T17:48:33Z logger.go:66:                       + runAsGroup               = (known after apply)
TestTerraformConfluentPlatformSinglenodeExample 2022-08-01T17:48:33Z logger.go:66:                       + runAsNonRoot             = (known after apply)
TestTerraformConfluentPlatformSinglenodeExample 2022-08-01T17:48:33Z logger.go:66:                       + runAsUser                = (known after apply)
TestTerraformConfluentPlatformSinglenodeExample 2022-08-01T17:48:33Z logger.go:66:                       + seLinuxOptions           = {
TestTerraformConfluentPlatformSinglenodeExample 2022-08-01T17:48:33Z logger.go:66:                           + level = (known after apply)
TestTerraformConfluentPlatformSinglenodeExample 2022-08-01T17:48:33Z logger.go:66:                           + role  = (known after apply)
TestTerraformConfluentPlatformSinglenodeExample 2022-08-01T17:48:33Z logger.go:66:                           + type  = (known after apply)
TestTerraformConfluentPlatformSinglenodeExample 2022-08-01T17:48:33Z logger.go:66:                           + user  = (known after apply)
TestTerraformConfluentPlatformSinglenodeExample 2022-08-01T17:48:33Z logger.go:66:                         }
TestTerraformConfluentPlatformSinglenodeExample 2022-08-01T17:48:33Z logger.go:66:                       + seccompProfile           = {
TestTerraformConfluentPlatformSinglenodeExample 2022-08-01T17:48:33Z logger.go:66:                           + localhostProfile = (known after apply)
TestTerraformConfluentPlatformSinglenodeExample 2022-08-01T17:48:33Z logger.go:66:                           + type             = (known after apply)
TestTerraformConfluentPlatformSinglenodeExample 2022-08-01T17:48:33Z logger.go:66:                         }
TestTerraformConfluentPlatformSinglenodeExample 2022-08-01T17:48:33Z logger.go:66:                       + windowsOptions           = {
TestTerraformConfluentPlatformSinglenodeExample 2022-08-01T17:48:33Z logger.go:66:                           + gmsaCredentialSpec     = (known after apply)
TestTerraformConfluentPlatformSinglenodeExample 2022-08-01T17:48:33Z logger.go:66:                           + gmsaCredentialSpecName = (known after apply)
TestTerraformConfluentPlatformSinglenodeExample 2022-08-01T17:48:33Z logger.go:66:                           + hostProcess            = (known after apply)
TestTerraformConfluentPlatformSinglenodeExample 2022-08-01T17:48:33Z logger.go:66:                           + runAsUserName          = (known after apply)
TestTerraformConfluentPlatformSinglenodeExample 2022-08-01T17:48:33Z logger.go:66:                         }
TestTerraformConfluentPlatformSinglenodeExample 2022-08-01T17:48:33Z logger.go:66:                     }
TestTerraformConfluentPlatformSinglenodeExample 2022-08-01T17:48:33Z logger.go:66:                   + serviceAccountName            = (known after apply)
TestTerraformConfluentPlatformSinglenodeExample 2022-08-01T17:48:33Z logger.go:66:                   + terminationGracePeriodSeconds = (known after apply)
TestTerraformConfluentPlatformSinglenodeExample 2022-08-01T17:48:33Z logger.go:66:                   + tolerations                   = (known after apply)
TestTerraformConfluentPlatformSinglenodeExample 2022-08-01T17:48:33Z logger.go:66:                   + topologySpreadConstraints     = (known after apply)
TestTerraformConfluentPlatformSinglenodeExample 2022-08-01T17:48:33Z logger.go:66:                 }
TestTerraformConfluentPlatformSinglenodeExample 2022-08-01T17:48:33Z logger.go:66:               + replicas           = 1
TestTerraformConfluentPlatformSinglenodeExample 2022-08-01T17:48:33Z logger.go:66:               + storageClass       = {
TestTerraformConfluentPlatformSinglenodeExample 2022-08-01T17:48:33Z logger.go:66:                   + name = (known after apply)
TestTerraformConfluentPlatformSinglenodeExample 2022-08-01T17:48:33Z logger.go:66:                 }
TestTerraformConfluentPlatformSinglenodeExample 2022-08-01T17:48:33Z logger.go:66:               + tls                = {
TestTerraformConfluentPlatformSinglenodeExample 2022-08-01T17:48:33Z logger.go:66:                   + autoGeneratedCerts       = (known after apply)
TestTerraformConfluentPlatformSinglenodeExample 2022-08-01T17:48:33Z logger.go:66:                   + directoryPathInContainer = (known after apply)
TestTerraformConfluentPlatformSinglenodeExample 2022-08-01T17:48:33Z logger.go:66:                   + ignoreTrustStoreConfig   = (known after apply)
TestTerraformConfluentPlatformSinglenodeExample 2022-08-01T17:48:33Z logger.go:66:                   + jksPassword              = {
TestTerraformConfluentPlatformSinglenodeExample 2022-08-01T17:48:33Z logger.go:66:                       + secretRef = (known after apply)
TestTerraformConfluentPlatformSinglenodeExample 2022-08-01T17:48:33Z logger.go:66:                     }
TestTerraformConfluentPlatformSinglenodeExample 2022-08-01T17:48:33Z logger.go:66:                   + secretRef                = (known after apply)
TestTerraformConfluentPlatformSinglenodeExample 2022-08-01T17:48:33Z logger.go:66:                 }
TestTerraformConfluentPlatformSinglenodeExample 2022-08-01T17:48:33Z logger.go:66:             }
TestTerraformConfluentPlatformSinglenodeExample 2022-08-01T17:48:33Z logger.go:66:         }
TestTerraformConfluentPlatformSinglenodeExample 2022-08-01T17:48:33Z logger.go:66:
TestTerraformConfluentPlatformSinglenodeExample 2022-08-01T17:48:33Z logger.go:66:       + timeouts {
TestTerraformConfluentPlatformSinglenodeExample 2022-08-01T17:48:33Z logger.go:66:           + create = "1h"
TestTerraformConfluentPlatformSinglenodeExample 2022-08-01T17:48:33Z logger.go:66:           + delete = "10m"
TestTerraformConfluentPlatformSinglenodeExample 2022-08-01T17:48:33Z logger.go:66:           + update = "1h"
TestTerraformConfluentPlatformSinglenodeExample 2022-08-01T17:48:33Z logger.go:66:         }
TestTerraformConfluentPlatformSinglenodeExample 2022-08-01T17:48:33Z logger.go:66:
TestTerraformConfluentPlatformSinglenodeExample 2022-08-01T17:48:33Z logger.go:66:       + wait {
TestTerraformConfluentPlatformSinglenodeExample 2022-08-01T17:48:33Z logger.go:66:           + fields = {
TestTerraformConfluentPlatformSinglenodeExample 2022-08-01T17:48:33Z logger.go:66:               + "status.phase" = "RUNNING"
TestTerraformConfluentPlatformSinglenodeExample 2022-08-01T17:48:33Z logger.go:66:             }
TestTerraformConfluentPlatformSinglenodeExample 2022-08-01T17:48:33Z logger.go:66:         }
TestTerraformConfluentPlatformSinglenodeExample 2022-08-01T17:48:33Z logger.go:66:     }
TestTerraformConfluentPlatformSinglenodeExample 2022-08-01T17:48:33Z logger.go:66:
TestTerraformConfluentPlatformSinglenodeExample 2022-08-01T17:48:33Z logger.go:66:   # module.confluent_platform_singlenode.module.confluent_operator[0].helm_release.confluent_operator[0] will be created
TestTerraformConfluentPlatformSinglenodeExample 2022-08-01T17:48:33Z logger.go:66:   + resource "helm_release" "confluent_operator" {
TestTerraformConfluentPlatformSinglenodeExample 2022-08-01T17:48:33Z logger.go:66:       + atomic                     = false
TestTerraformConfluentPlatformSinglenodeExample 2022-08-01T17:48:33Z logger.go:66:       + chart                      = "confluent-for-kubernetes"
TestTerraformConfluentPlatformSinglenodeExample 2022-08-01T17:48:33Z logger.go:66:       + cleanup_on_fail            = false
TestTerraformConfluentPlatformSinglenodeExample 2022-08-01T17:48:33Z logger.go:66:       + create_namespace           = false
TestTerraformConfluentPlatformSinglenodeExample 2022-08-01T17:48:33Z logger.go:66:       + dependency_update          = false
TestTerraformConfluentPlatformSinglenodeExample 2022-08-01T17:48:33Z logger.go:66:       + disable_crd_hooks          = false
TestTerraformConfluentPlatformSinglenodeExample 2022-08-01T17:48:33Z logger.go:66:       + disable_openapi_validation = false
TestTerraformConfluentPlatformSinglenodeExample 2022-08-01T17:48:33Z logger.go:66:       + disable_webhooks           = false
TestTerraformConfluentPlatformSinglenodeExample 2022-08-01T17:48:33Z logger.go:66:       + force_update               = false
TestTerraformConfluentPlatformSinglenodeExample 2022-08-01T17:48:33Z logger.go:66:       + id                         = (known after apply)
TestTerraformConfluentPlatformSinglenodeExample 2022-08-01T17:48:33Z logger.go:66:       + lint                       = false
TestTerraformConfluentPlatformSinglenodeExample 2022-08-01T17:48:33Z logger.go:66:       + manifest                   = (known after apply)
TestTerraformConfluentPlatformSinglenodeExample 2022-08-01T17:48:33Z logger.go:66:       + max_history                = 0
TestTerraformConfluentPlatformSinglenodeExample 2022-08-01T17:48:33Z logger.go:66:       + metadata                   = (known after apply)
TestTerraformConfluentPlatformSinglenodeExample 2022-08-01T17:48:33Z logger.go:66:       + name                       = "confluent-operator"
TestTerraformConfluentPlatformSinglenodeExample 2022-08-01T17:48:33Z logger.go:66:       + namespace                  = "confluent"
TestTerraformConfluentPlatformSinglenodeExample 2022-08-01T17:48:33Z logger.go:66:       + pass_credentials           = false
TestTerraformConfluentPlatformSinglenodeExample 2022-08-01T17:48:33Z logger.go:66:       + recreate_pods              = false
TestTerraformConfluentPlatformSinglenodeExample 2022-08-01T17:48:33Z logger.go:66:       + render_subchart_notes      = true
TestTerraformConfluentPlatformSinglenodeExample 2022-08-01T17:48:33Z logger.go:66:       + replace                    = false
TestTerraformConfluentPlatformSinglenodeExample 2022-08-01T17:48:33Z logger.go:66:       + repository                 = "https://packages.confluent.io/helm"
TestTerraformConfluentPlatformSinglenodeExample 2022-08-01T17:48:33Z logger.go:66:       + reset_values               = false
TestTerraformConfluentPlatformSinglenodeExample 2022-08-01T17:48:33Z logger.go:66:       + reuse_values               = false
TestTerraformConfluentPlatformSinglenodeExample 2022-08-01T17:48:33Z logger.go:66:       + skip_crds                  = false
TestTerraformConfluentPlatformSinglenodeExample 2022-08-01T17:48:33Z logger.go:66:       + status                     = "deployed"
TestTerraformConfluentPlatformSinglenodeExample 2022-08-01T17:48:33Z logger.go:66:       + timeout                    = 300
TestTerraformConfluentPlatformSinglenodeExample 2022-08-01T17:48:33Z logger.go:66:       + values                     = []
TestTerraformConfluentPlatformSinglenodeExample 2022-08-01T17:48:33Z logger.go:66:       + verify                     = false
TestTerraformConfluentPlatformSinglenodeExample 2022-08-01T17:48:33Z logger.go:66:       + version                    = "0.517.12"
TestTerraformConfluentPlatformSinglenodeExample 2022-08-01T17:48:33Z logger.go:66:       + wait                       = true
TestTerraformConfluentPlatformSinglenodeExample 2022-08-01T17:48:33Z logger.go:66:       + wait_for_jobs              = true
TestTerraformConfluentPlatformSinglenodeExample 2022-08-01T17:48:33Z logger.go:66:     }
TestTerraformConfluentPlatformSinglenodeExample 2022-08-01T17:48:33Z logger.go:66:
TestTerraformConfluentPlatformSinglenodeExample 2022-08-01T17:48:33Z logger.go:66:   # module.confluent_platform_singlenode.module.confluent_operator[0].kubernetes_namespace_v1.namespace[0] will be created
TestTerraformConfluentPlatformSinglenodeExample 2022-08-01T17:48:33Z logger.go:66:   + resource "kubernetes_namespace_v1" "namespace" {
TestTerraformConfluentPlatformSinglenodeExample 2022-08-01T17:48:33Z logger.go:66:       + id = (known after apply)
TestTerraformConfluentPlatformSinglenodeExample 2022-08-01T17:48:33Z logger.go:66:
TestTerraformConfluentPlatformSinglenodeExample 2022-08-01T17:48:33Z logger.go:66:       + metadata {
TestTerraformConfluentPlatformSinglenodeExample 2022-08-01T17:48:33Z logger.go:66:           + generation       = (known after apply)
TestTerraformConfluentPlatformSinglenodeExample 2022-08-01T17:48:33Z logger.go:66:           + name             = "confluent"
TestTerraformConfluentPlatformSinglenodeExample 2022-08-01T17:48:33Z logger.go:66:           + resource_version = (known after apply)
TestTerraformConfluentPlatformSinglenodeExample 2022-08-01T17:48:33Z logger.go:66:           + uid              = (known after apply)
TestTerraformConfluentPlatformSinglenodeExample 2022-08-01T17:48:33Z logger.go:66:         }
TestTerraformConfluentPlatformSinglenodeExample 2022-08-01T17:48:33Z logger.go:66:     }
TestTerraformConfluentPlatformSinglenodeExample 2022-08-01T17:48:33Z logger.go:66:
TestTerraformConfluentPlatformSinglenodeExample 2022-08-01T17:48:33Z logger.go:66: Plan: 9 to add, 0 to change, 0 to destroy.
TestTerraformConfluentPlatformSinglenodeExample 2022-08-01T17:48:33Z logger.go:66:
TestTerraformConfluentPlatformSinglenodeExample 2022-08-01T17:48:33Z logger.go:66: Changes to Outputs:
TestTerraformConfluentPlatformSinglenodeExample 2022-08-01T17:48:33Z logger.go:66:   + connect        = (known after apply)
TestTerraformConfluentPlatformSinglenodeExample 2022-08-01T17:48:33Z logger.go:66:   + controlcenter  = (known after apply)
TestTerraformConfluentPlatformSinglenodeExample 2022-08-01T17:48:33Z logger.go:66:   + kafka          = (known after apply)
TestTerraformConfluentPlatformSinglenodeExample 2022-08-01T17:48:33Z logger.go:66:   + kafkarestproxy = (known after apply)
TestTerraformConfluentPlatformSinglenodeExample 2022-08-01T17:48:33Z logger.go:66:   + ksqldb         = (known after apply)
TestTerraformConfluentPlatformSinglenodeExample 2022-08-01T17:48:33Z logger.go:66:   + namespace      = "confluent"
TestTerraformConfluentPlatformSinglenodeExample 2022-08-01T17:48:33Z logger.go:66:   + schemaregistry = (known after apply)
TestTerraformConfluentPlatformSinglenodeExample 2022-08-01T17:48:33Z logger.go:66:   + zookeeper      = (known after apply)
TestTerraformConfluentPlatformSinglenodeExample 2022-08-01T17:48:34Z logger.go:66: module.confluent_platform_singlenode.module.confluent_operator[0].kubernetes_namespace_v1.namespace[0]: Creating...
TestTerraformConfluentPlatformSinglenodeExample 2022-08-01T17:48:34Z logger.go:66: module.confluent_platform_singlenode.module.confluent_operator[0].kubernetes_namespace_v1.namespace[0]: Creation complete after 0s [id=confluent]
TestTerraformConfluentPlatformSinglenodeExample 2022-08-01T17:48:34Z logger.go:66: module.confluent_platform_singlenode.module.confluent_operator[0].helm_release.confluent_operator[0]: Creating...
TestTerraformConfluentPlatformSinglenodeExample 2022-08-01T17:48:41Z logger.go:66: module.confluent_platform_singlenode.module.confluent_operator[0].helm_release.confluent_operator[0]: Creation complete after 6s [id=confluent-operator]
TestTerraformConfluentPlatformSinglenodeExample 2022-08-01T17:48:45Z logger.go:66: module.confluent_platform_singlenode.kubernetes_manifest.components["ksqldb"]: Creating...
TestTerraformConfluentPlatformSinglenodeExample 2022-08-01T17:48:45Z logger.go:66: module.confluent_platform_singlenode.kubernetes_manifest.components["zookeeper"]: Creating...
TestTerraformConfluentPlatformSinglenodeExample 2022-08-01T17:48:45Z logger.go:66: module.confluent_platform_singlenode.kubernetes_manifest.components["connect"]: Creating...
TestTerraformConfluentPlatformSinglenodeExample 2022-08-01T17:48:45Z logger.go:66: module.confluent_platform_singlenode.kubernetes_manifest.components["schemaregistry"]: Creating...
TestTerraformConfluentPlatformSinglenodeExample 2022-08-01T17:48:45Z logger.go:66: module.confluent_platform_singlenode.kubernetes_manifest.components["controlcenter"]: Creating...
TestTerraformConfluentPlatformSinglenodeExample 2022-08-01T17:48:46Z logger.go:66: module.confluent_platform_singlenode.kubernetes_manifest.components["kafkarestproxy"]: Creating...
TestTerraformConfluentPlatformSinglenodeExample 2022-08-01T17:48:47Z logger.go:66: module.confluent_platform_singlenode.kubernetes_manifest.components["kafka"]: Creating...
TestTerraformConfluentPlatformSinglenodeExample 2022-08-01T17:48:55Z logger.go:66: module.confluent_platform_singlenode.kubernetes_manifest.components["ksqldb"]: Still creating... [10s elapsed]
TestTerraformConfluentPlatformSinglenodeExample 2022-08-01T17:48:55Z logger.go:66: module.confluent_platform_singlenode.kubernetes_manifest.components["zookeeper"]: Still creating... [10s elapsed]
TestTerraformConfluentPlatformSinglenodeExample 2022-08-01T17:48:55Z logger.go:66: module.confluent_platform_singlenode.kubernetes_manifest.components["connect"]: Still creating... [10s elapsed]
TestTerraformConfluentPlatformSinglenodeExample 2022-08-01T17:48:55Z logger.go:66: module.confluent_platform_singlenode.kubernetes_manifest.components["schemaregistry"]: Still creating... [10s elapsed]
TestTerraformConfluentPlatformSinglenodeExample 2022-08-01T17:48:55Z logger.go:66: module.confluent_platform_singlenode.kubernetes_manifest.components["controlcenter"]: Still creating... [10s elapsed]
TestTerraformConfluentPlatformSinglenodeExample 2022-08-01T17:48:56Z logger.go:66: module.confluent_platform_singlenode.kubernetes_manifest.components["kafkarestproxy"]: Still creating... [10s elapsed]
TestTerraformConfluentPlatformSinglenodeExample 2022-08-01T17:48:57Z logger.go:66: module.confluent_platform_singlenode.kubernetes_manifest.components["kafka"]: Still creating... [10s elapsed]
TestTerraformConfluentPlatformSinglenodeExample 2022-08-01T17:49:05Z logger.go:66: module.confluent_platform_singlenode.kubernetes_manifest.components["ksqldb"]: Still creating... [20s elapsed]
TestTerraformConfluentPlatformSinglenodeExample 2022-08-01T17:49:05Z logger.go:66: module.confluent_platform_singlenode.kubernetes_manifest.components["zookeeper"]: Still creating... [20s elapsed]
TestTerraformConfluentPlatformSinglenodeExample 2022-08-01T17:49:05Z logger.go:66: module.confluent_platform_singlenode.kubernetes_manifest.components["connect"]: Still creating... [20s elapsed]
TestTerraformConfluentPlatformSinglenodeExample 2022-08-01T17:49:05Z logger.go:66: module.confluent_platform_singlenode.kubernetes_manifest.components["schemaregistry"]: Still creating... [20s elapsed]
TestTerraformConfluentPlatformSinglenodeExample 2022-08-01T17:49:05Z logger.go:66: module.confluent_platform_singlenode.kubernetes_manifest.components["controlcenter"]: Still creating... [20s elapsed]
TestTerraformConfluentPlatformSinglenodeExample 2022-08-01T17:49:06Z logger.go:66: module.confluent_platform_singlenode.kubernetes_manifest.components["kafkarestproxy"]: Still creating... [20s elapsed]
TestTerraformConfluentPlatformSinglenodeExample 2022-08-01T17:49:07Z logger.go:66: module.confluent_platform_singlenode.kubernetes_manifest.components["kafka"]: Still creating... [20s elapsed]
TestTerraformConfluentPlatformSinglenodeExample 2022-08-01T17:49:15Z logger.go:66: module.confluent_platform_singlenode.kubernetes_manifest.components["ksqldb"]: Still creating... [30s elapsed]
TestTerraformConfluentPlatformSinglenodeExample 2022-08-01T17:49:15Z logger.go:66: module.confluent_platform_singlenode.kubernetes_manifest.components["zookeeper"]: Still creating... [30s elapsed]
TestTerraformConfluentPlatformSinglenodeExample 2022-08-01T17:49:15Z logger.go:66: module.confluent_platform_singlenode.kubernetes_manifest.components["connect"]: Still creating... [30s elapsed]
TestTerraformConfluentPlatformSinglenodeExample 2022-08-01T17:49:15Z logger.go:66: module.confluent_platform_singlenode.kubernetes_manifest.components["schemaregistry"]: Still creating... [30s elapsed]
TestTerraformConfluentPlatformSinglenodeExample 2022-08-01T17:49:15Z logger.go:66: module.confluent_platform_singlenode.kubernetes_manifest.components["controlcenter"]: Still creating... [30s elapsed]
TestTerraformConfluentPlatformSinglenodeExample 2022-08-01T17:49:16Z logger.go:66: module.confluent_platform_singlenode.kubernetes_manifest.components["kafkarestproxy"]: Still creating... [30s elapsed]
TestTerraformConfluentPlatformSinglenodeExample 2022-08-01T17:49:17Z logger.go:66: module.confluent_platform_singlenode.kubernetes_manifest.components["kafka"]: Still creating... [30s elapsed]
                                              TestTerraformConfluentPlatformSinglenodeExample 2022-08-01T17:49:25Z logger.go:66: module.confluent_platform_singlenode.kubernetes_manifest.components["ksqldb"]: Still creating... [40s elapsed]
TestTerraformConfluentPlatformSinglenodeExample 2022-08-01T17:49:25Z logger.go:66: module.confluent_platform_singlenode.kubernetes_manifest.components["zookeeper"]: Still creating... [40s elapsed]
TestTerraformConfluentPlatformSinglenodeExample 2022-08-01T17:49:25Z logger.go:66: module.confluent_platform_singlenode.kubernetes_manifest.components["connect"]: Still creating... [40s elapsed]
TestTerraformConfluentPlatformSinglenodeExample 2022-08-01T17:49:25Z logger.go:66: module.confluent_platform_singlenode.kubernetes_manifest.components["schemaregistry"]: Still creating... [40s elapsed]
TestTerraformConfluentPlatformSinglenodeExample 2022-08-01T17:49:25Z logger.go:66: module.confluent_platform_singlenode.kubernetes_manifest.components["controlcenter"]: Still creating... [40s elapsed]
TestTerraformConfluentPlatformSinglenodeExample 2022-08-01T17:49:26Z logger.go:66: module.confluent_platform_singlenode.kubernetes_manifest.components["kafkarestproxy"]: Still creating... [40s elapsed]
TestTerraformConfluentPlatformSinglenodeExample 2022-08-01T17:49:27Z logger.go:66: module.confluent_platform_singlenode.kubernetes_manifest.components["kafka"]: Still creating... [40s elapsed]
TestTerraformConfluentPlatformSinglenodeExample 2022-08-01T17:49:32Z logger.go:66: module.confluent_platform_singlenode.kubernetes_manifest.components["zookeeper"]: Creation complete after 47s
TestTerraformConfluentPlatformSinglenodeExample 2022-08-01T17:49:35Z logger.go:66: module.confluent_platform_singlenode.kubernetes_manifest.components["ksqldb"]: Still creating... [50s elapsed]
TestTerraformConfluentPlatformSinglenodeExample 2022-08-01T17:49:35Z logger.go:66: module.confluent_platform_singlenode.kubernetes_manifest.components["connect"]: Still creating... [50s elapsed]
TestTerraformConfluentPlatformSinglenodeExample 2022-08-01T17:49:35Z logger.go:66: module.confluent_platform_singlenode.kubernetes_manifest.components["schemaregistry"]: Still creating... [50s elapsed]
TestTerraformConfluentPlatformSinglenodeExample 2022-08-01T17:49:35Z logger.go:66: module.confluent_platform_singlenode.kubernetes_manifest.components["controlcenter"]: Still creating... [50s elapsed]
TestTerraformConfluentPlatformSinglenodeExample 2022-08-01T17:49:36Z logger.go:66: module.confluent_platform_singlenode.kubernetes_manifest.components["kafkarestproxy"]: Still creating... [50s elapsed]
TestTerraformConfluentPlatformSinglenodeExample 2022-08-01T17:49:37Z logger.go:66: module.confluent_platform_singlenode.kubernetes_manifest.components["kafka"]: Still creating... [50s elapsed]
TestTerraformConfluentPlatformSinglenodeExample 2022-08-01T17:49:45Z logger.go:66: module.confluent_platform_singlenode.kubernetes_manifest.components["ksqldb"]: Still creating... [1m0s elapsed]
TestTerraformConfluentPlatformSinglenodeExample 2022-08-01T17:49:45Z logger.go:66: module.confluent_platform_singlenode.kubernetes_manifest.components["connect"]: Still creating... [1m0s elapsed]
TestTerraformConfluentPlatformSinglenodeExample 2022-08-01T17:49:45Z logger.go:66: module.confluent_platform_singlenode.kubernetes_manifest.components["schemaregistry"]: Still creating... [1m0s elapsed]
TestTerraformConfluentPlatformSinglenodeExample 2022-08-01T17:49:46Z logger.go:66: module.confluent_platform_singlenode.kubernetes_manifest.components["controlcenter"]: Still creating... [1m0s elapsed]
TestTerraformConfluentPlatformSinglenodeExample 2022-08-01T17:49:46Z logger.go:66: module.confluent_platform_singlenode.kubernetes_manifest.components["kafkarestproxy"]: Still creating... [1m0s elapsed]
TestTerraformConfluentPlatformSinglenodeExample 2022-08-01T17:49:47Z logger.go:66: module.confluent_platform_singlenode.kubernetes_manifest.components["kafka"]: Still creating... [1m0s elapsed]
TestTerraformConfluentPlatformSinglenodeExample 2022-08-01T17:49:55Z logger.go:66: module.confluent_platform_singlenode.kubernetes_manifest.components["ksqldb"]: Still creating... [1m10s elapsed]
TestTerraformConfluentPlatformSinglenodeExample 2022-08-01T17:49:55Z logger.go:66: module.confluent_platform_singlenode.kubernetes_manifest.components["connect"]: Still creating... [1m10s elapsed]
TestTerraformConfluentPlatformSinglenodeExample 2022-08-01T17:49:55Z logger.go:66: module.confluent_platform_singlenode.kubernetes_manifest.components["schemaregistry"]: Still creating... [1m10s elapsed]
TestTerraformConfluentPlatformSinglenodeExample 2022-08-01T17:49:56Z logger.go:66: module.confluent_platform_singlenode.kubernetes_manifest.components["controlcenter"]: Still creating... [1m10s elapsed]
TestTerraformConfluentPlatformSinglenodeExample 2022-08-01T17:49:56Z logger.go:66: module.confluent_platform_singlenode.kubernetes_manifest.components["kafkarestproxy"]: Still creating... [1m10s elapsed]
TestTerraformConfluentPlatformSinglenodeExample 2022-08-01T17:49:57Z logger.go:66: module.confluent_platform_singlenode.kubernetes_manifest.components["kafka"]: Still creating... [1m10s elapsed]
TestTerraformConfluentPlatformSinglenodeExample 2022-08-01T17:50:05Z logger.go:66: module.confluent_platform_singlenode.kubernetes_manifest.components["ksqldb"]: Still creating... [1m20s elapsed]
TestTerraformConfluentPlatformSinglenodeExample 2022-08-01T17:50:05Z logger.go:66: module.confluent_platform_singlenode.kubernetes_manifest.components["connect"]: Still creating... [1m20s elapsed]
TestTerraformConfluentPlatformSinglenodeExample 2022-08-01T17:50:05Z logger.go:66: module.confluent_platform_singlenode.kubernetes_manifest.components["schemaregistry"]: Still creating... [1m20s elapsed]
TestTerraformConfluentPlatformSinglenodeExample 2022-08-01T17:50:06Z logger.go:66: module.confluent_platform_singlenode.kubernetes_manifest.components["controlcenter"]: Still creating... [1m20s elapsed]
TestTerraformConfluentPlatformSinglenodeExample 2022-08-01T17:50:06Z logger.go:66: module.confluent_platform_singlenode.kubernetes_manifest.components["kafkarestproxy"]: Still creating... [1m20s elapsed]
TestTerraformConfluentPlatformSinglenodeExample 2022-08-01T17:50:07Z logger.go:66: module.confluent_platform_singlenode.kubernetes_manifest.components["kafka"]: Still creating... [1m20s elapsed]
TestTerraformConfluentPlatformSinglenodeExample 2022-08-01T17:50:15Z logger.go:66: module.confluent_platform_singlenode.kubernetes_manifest.components["ksqldb"]: Still creating... [1m30s elapsed]
TestTerraformConfluentPlatformSinglenodeExample 2022-08-01T17:50:15Z logger.go:66: module.confluent_platform_singlenode.kubernetes_manifest.components["schemaregistry"]: Still creating... [1m30s elapsed]
TestTerraformConfluentPlatformSinglenodeExample 2022-08-01T17:50:15Z logger.go:66: module.confluent_platform_singlenode.kubernetes_manifest.components["connect"]: Still creating... [1m30s elapsed]
TestTerraformConfluentPlatformSinglenodeExample 2022-08-01T17:50:16Z logger.go:66: module.confluent_platform_singlenode.kubernetes_manifest.components["controlcenter"]: Still creating... [1m30s elapsed]
TestTerraformConfluentPlatformSinglenodeExample 2022-08-01T17:50:16Z logger.go:66: module.confluent_platform_singlenode.kubernetes_manifest.components["kafkarestproxy"]: Still creating... [1m30s elapsed]
TestTerraformConfluentPlatformSinglenodeExample 2022-08-01T17:50:17Z logger.go:66: module.confluent_platform_singlenode.kubernetes_manifest.components["kafka"]: Still creating... [1m30s elapsed]
TestTerraformConfluentPlatformSinglenodeExample 2022-08-01T17:50:18Z logger.go:66: module.confluent_platform_singlenode.kubernetes_manifest.components["kafka"]: Creation complete after 1m31s
TestTerraformConfluentPlatformSinglenodeExample 2022-08-01T17:50:20Z logger.go:66: module.confluent_platform_singlenode.kubernetes_manifest.components["connect"]: Creation complete after 1m34s
TestTerraformConfluentPlatformSinglenodeExample 2022-08-01T17:50:25Z logger.go:66: module.confluent_platform_singlenode.kubernetes_manifest.components["ksqldb"]: Still creating... [1m41s elapsed]
TestTerraformConfluentPlatformSinglenodeExample 2022-08-01T17:50:26Z logger.go:66: module.confluent_platform_singlenode.kubernetes_manifest.components["schemaregistry"]: Still creating... [1m40s elapsed]
TestTerraformConfluentPlatformSinglenodeExample 2022-08-01T17:50:26Z logger.go:66: module.confluent_platform_singlenode.kubernetes_manifest.components["controlcenter"]: Still creating... [1m40s elapsed]
TestTerraformConfluentPlatformSinglenodeExample 2022-08-01T17:50:26Z logger.go:66: module.confluent_platform_singlenode.kubernetes_manifest.components["kafkarestproxy"]: Still creating... [1m41s elapsed]
TestTerraformConfluentPlatformSinglenodeExample 2022-08-01T17:50:35Z logger.go:66: module.confluent_platform_singlenode.kubernetes_manifest.components["ksqldb"]: Still creating... [1m51s elapsed]
TestTerraformConfluentPlatformSinglenodeExample 2022-08-01T17:50:36Z logger.go:66: module.confluent_platform_singlenode.kubernetes_manifest.components["schemaregistry"]: Still creating... [1m50s elapsed]
TestTerraformConfluentPlatformSinglenodeExample 2022-08-01T17:50:36Z logger.go:66: module.confluent_platform_singlenode.kubernetes_manifest.components["controlcenter"]: Still creating... [1m50s elapsed]
TestTerraformConfluentPlatformSinglenodeExample 2022-08-01T17:50:36Z logger.go:66: module.confluent_platform_singlenode.kubernetes_manifest.components["kafkarestproxy"]: Still creating... [1m51s elapsed]
TestTerraformConfluentPlatformSinglenodeExample 2022-08-01T17:50:45Z logger.go:66: module.confluent_platform_singlenode.kubernetes_manifest.components["ksqldb"]: Still creating... [2m1s elapsed]
TestTerraformConfluentPlatformSinglenodeExample 2022-08-01T17:50:46Z logger.go:66: module.confluent_platform_singlenode.kubernetes_manifest.components["schemaregistry"]: Still creating... [2m0s elapsed]
TestTerraformConfluentPlatformSinglenodeExample 2022-08-01T17:50:46Z logger.go:66: module.confluent_platform_singlenode.kubernetes_manifest.components["controlcenter"]: Still creating... [2m0s elapsed]
TestTerraformConfluentPlatformSinglenodeExample 2022-08-01T17:50:46Z logger.go:66: module.confluent_platform_singlenode.kubernetes_manifest.components["kafkarestproxy"]: Still creating... [2m1s elapsed]
TestTerraformConfluentPlatformSinglenodeExample 2022-08-01T17:50:55Z logger.go:66: module.confluent_platform_singlenode.kubernetes_manifest.components["ksqldb"]: Still creating... [2m10s elapsed]
TestTerraformConfluentPlatformSinglenodeExample 2022-08-01T17:50:55Z logger.go:66: module.confluent_platform_singlenode.kubernetes_manifest.components["schemaregistry"]: Still creating... [2m10s elapsed]
TestTerraformConfluentPlatformSinglenodeExample 2022-08-01T17:50:56Z logger.go:66: module.confluent_platform_singlenode.kubernetes_manifest.components["controlcenter"]: Still creating... [2m10s elapsed]
TestTerraformConfluentPlatformSinglenodeExample 2022-08-01T17:50:56Z logger.go:66: module.confluent_platform_singlenode.kubernetes_manifest.components["kafkarestproxy"]: Still creating... [2m10s elapsed]
TestTerraformConfluentPlatformSinglenodeExample 2022-08-01T17:51:05Z logger.go:66: module.confluent_platform_singlenode.kubernetes_manifest.components["ksqldb"]: Still creating... [2m20s elapsed]
TestTerraformConfluentPlatformSinglenodeExample 2022-08-01T17:51:05Z logger.go:66: module.confluent_platform_singlenode.kubernetes_manifest.components["schemaregistry"]: Still creating... [2m20s elapsed]
TestTerraformConfluentPlatformSinglenodeExample 2022-08-01T17:51:06Z logger.go:66: module.confluent_platform_singlenode.kubernetes_manifest.components["controlcenter"]: Still creating... [2m20s elapsed]
TestTerraformConfluentPlatformSinglenodeExample 2022-08-01T17:51:06Z logger.go:66: module.confluent_platform_singlenode.kubernetes_manifest.components["kafkarestproxy"]: Still creating... [2m20s elapsed]
TestTerraformConfluentPlatformSinglenodeExample 2022-08-01T17:51:15Z logger.go:66: module.confluent_platform_singlenode.kubernetes_manifest.components["ksqldb"]: Still creating... [2m30s elapsed]
TestTerraformConfluentPlatformSinglenodeExample 2022-08-01T17:51:15Z logger.go:66: module.confluent_platform_singlenode.kubernetes_manifest.components["schemaregistry"]: Still creating... [2m30s elapsed]
TestTerraformConfluentPlatformSinglenodeExample 2022-08-01T17:51:16Z logger.go:66: module.confluent_platform_singlenode.kubernetes_manifest.components["kafkarestproxy"]: Still creating... [2m30s elapsed]
TestTerraformConfluentPlatformSinglenodeExample 2022-08-01T17:51:16Z logger.go:66: module.confluent_platform_singlenode.kubernetes_manifest.components["controlcenter"]: Still creating... [2m30s elapsed]
TestTerraformConfluentPlatformSinglenodeExample 2022-08-01T17:51:25Z logger.go:66: module.confluent_platform_singlenode.kubernetes_manifest.components["ksqldb"]: Still creating... [2m40s elapsed]
TestTerraformConfluentPlatformSinglenodeExample 2022-08-01T17:51:25Z logger.go:66: module.confluent_platform_singlenode.kubernetes_manifest.components["schemaregistry"]: Still creating... [2m40s elapsed]
TestTerraformConfluentPlatformSinglenodeExample 2022-08-01T17:51:26Z logger.go:66: module.confluent_platform_singlenode.kubernetes_manifest.components["controlcenter"]: Still creating... [2m40s elapsed]
TestTerraformConfluentPlatformSinglenodeExample 2022-08-01T17:51:26Z logger.go:66: module.confluent_platform_singlenode.kubernetes_manifest.components["kafkarestproxy"]: Still creating... [2m40s elapsed]
TestTerraformConfluentPlatformSinglenodeExample 2022-08-01T17:51:32Z logger.go:66: module.confluent_platform_singlenode.kubernetes_manifest.components["schemaregistry"]: Creation complete after 2m46s
TestTerraformConfluentPlatformSinglenodeExample 2022-08-01T17:51:34Z logger.go:66: module.confluent_platform_singlenode.kubernetes_manifest.components["kafkarestproxy"]: Creation complete after 2m49s
TestTerraformConfluentPlatformSinglenodeExample 2022-08-01T17:51:35Z logger.go:66: module.confluent_platform_singlenode.kubernetes_manifest.components["ksqldb"]: Still creating... [2m50s elapsed]
TestTerraformConfluentPlatformSinglenodeExample 2022-08-01T17:51:36Z logger.go:66: module.confluent_platform_singlenode.kubernetes_manifest.components["controlcenter"]: Still creating... [2m50s elapsed]
TestTerraformConfluentPlatformSinglenodeExample 2022-08-01T17:51:36Z logger.go:66: module.confluent_platform_singlenode.kubernetes_manifest.components["ksqldb"]: Creation complete after 2m52s
TestTerraformConfluentPlatformSinglenodeExample 2022-08-01T17:51:46Z logger.go:66: module.confluent_platform_singlenode.kubernetes_manifest.components["controlcenter"]: Still creating... [3m0s elapsed]
TestTerraformConfluentPlatformSinglenodeExample 2022-08-01T17:51:56Z logger.go:66: module.confluent_platform_singlenode.kubernetes_manifest.components["controlcenter"]: Still creating... [3m10s elapsed]
TestTerraformConfluentPlatformSinglenodeExample 2022-08-01T17:52:06Z logger.go:66: module.confluent_platform_singlenode.kubernetes_manifest.components["controlcenter"]: Still creating... [3m20s elapsed]
TestTerraformConfluentPlatformSinglenodeExample 2022-08-01T17:52:06Z logger.go:66: module.confluent_platform_singlenode.kubernetes_manifest.components["controlcenter"]: Creation complete after 3m20s
TestTerraformConfluentPlatformSinglenodeExample 2022-08-01T17:52:07Z logger.go:66: module.confluent_platform_singlenode.data.kubernetes_resource.components["kafkarestproxy"]: Reading...
TestTerraformConfluentPlatformSinglenodeExample 2022-08-01T17:52:07Z logger.go:66: module.confluent_platform_singlenode.data.kubernetes_resource.components["schemaregistry"]: Reading...
TestTerraformConfluentPlatformSinglenodeExample 2022-08-01T17:52:07Z logger.go:66: module.confluent_platform_singlenode.data.kubernetes_resource.components["controlcenter"]: Reading...
TestTerraformConfluentPlatformSinglenodeExample 2022-08-01T17:52:07Z logger.go:66: module.confluent_platform_singlenode.data.kubernetes_resource.components["connect"]: Reading...
TestTerraformConfluentPlatformSinglenodeExample 2022-08-01T17:52:07Z logger.go:66: module.confluent_platform_singlenode.data.kubernetes_resource.components["zookeeper"]: Reading...
TestTerraformConfluentPlatformSinglenodeExample 2022-08-01T17:52:07Z logger.go:66: module.confluent_platform_singlenode.data.kubernetes_resource.components["ksqldb"]: Reading...
TestTerraformConfluentPlatformSinglenodeExample 2022-08-01T17:52:07Z logger.go:66: module.confluent_platform_singlenode.data.kubernetes_resource.components["kafka"]: Reading...
TestTerraformConfluentPlatformSinglenodeExample 2022-08-01T17:52:09Z logger.go:66: module.confluent_platform_singlenode.data.kubernetes_resource.components["schemaregistry"]: Read complete after 2s
TestTerraformConfluentPlatformSinglenodeExample 2022-08-01T17:52:09Z logger.go:66: module.confluent_platform_singlenode.data.kubernetes_resource.components["zookeeper"]: Read complete after 2s
TestTerraformConfluentPlatformSinglenodeExample 2022-08-01T17:52:09Z logger.go:66: module.confluent_platform_singlenode.data.kubernetes_resource.components["ksqldb"]: Read complete after 2s
TestTerraformConfluentPlatformSinglenodeExample 2022-08-01T17:52:10Z logger.go:66: module.confluent_platform_singlenode.data.kubernetes_resource.components["kafkarestproxy"]: Read complete after 2s
TestTerraformConfluentPlatformSinglenodeExample 2022-08-01T17:52:10Z logger.go:66: module.confluent_platform_singlenode.data.kubernetes_resource.components["connect"]: Read complete after 2s
TestTerraformConfluentPlatformSinglenodeExample 2022-08-01T17:52:10Z logger.go:66: module.confluent_platform_singlenode.data.kubernetes_resource.components["controlcenter"]: Read complete after 2s
TestTerraformConfluentPlatformSinglenodeExample 2022-08-01T17:52:10Z logger.go:66: module.confluent_platform_singlenode.data.kubernetes_resource.components["kafka"]: Read complete after 2s
TestTerraformConfluentPlatformSinglenodeExample 2022-08-01T17:52:11Z logger.go:66:
TestTerraformConfluentPlatformSinglenodeExample 2022-08-01T17:52:11Z logger.go:66: Apply complete! Resources: 9 added, 0 changed, 0 destroyed.
TestTerraformConfluentPlatformSinglenodeExample 2022-08-01T17:52:11Z logger.go:66:
TestTerraformConfluentPlatformSinglenodeExample 2022-08-01T17:52:11Z logger.go:66: Outputs:
TestTerraformConfluentPlatformSinglenodeExample 2022-08-01T17:52:11Z logger.go:66:
TestTerraformConfluentPlatformSinglenodeExample 2022-08-01T17:52:11Z logger.go:66: connect = {
TestTerraformConfluentPlatformSinglenodeExample 2022-08-01T17:52:11Z logger.go:66:   "authentication" = {
TestTerraformConfluentPlatformSinglenodeExample 2022-08-01T17:52:11Z logger.go:66:     "basic" = {
TestTerraformConfluentPlatformSinglenodeExample 2022-08-01T17:52:11Z logger.go:66:       "debug" = tobool(null)
TestTerraformConfluentPlatformSinglenodeExample 2022-08-01T17:52:11Z logger.go:66:       "directoryPathInContainer" = tostring(null)
TestTerraformConfluentPlatformSinglenodeExample 2022-08-01T17:52:11Z logger.go:66:       "restrictedRoles" = tolist(null) /* of string */
TestTerraformConfluentPlatformSinglenodeExample 2022-08-01T17:52:11Z logger.go:66:       "roles" = tolist(null) /* of string */
TestTerraformConfluentPlatformSinglenodeExample 2022-08-01T17:52:11Z logger.go:66:       "secretRef" = tostring(null)
TestTerraformConfluentPlatformSinglenodeExample 2022-08-01T17:52:11Z logger.go:66:     }
TestTerraformConfluentPlatformSinglenodeExample 2022-08-01T17:52:11Z logger.go:66:     "type" = tostring(null)
TestTerraformConfluentPlatformSinglenodeExample 2022-08-01T17:52:11Z logger.go:66:   }
TestTerraformConfluentPlatformSinglenodeExample 2022-08-01T17:52:11Z logger.go:66:   "authorization" = {
TestTerraformConfluentPlatformSinglenodeExample 2022-08-01T17:52:11Z logger.go:66:     "kafkaRestClassRef" = {
TestTerraformConfluentPlatformSinglenodeExample 2022-08-01T17:52:11Z logger.go:66:       "name" = tostring(null)
TestTerraformConfluentPlatformSinglenodeExample 2022-08-01T17:52:11Z logger.go:66:       "namespace" = tostring(null)
TestTerraformConfluentPlatformSinglenodeExample 2022-08-01T17:52:11Z logger.go:66:     }
TestTerraformConfluentPlatformSinglenodeExample 2022-08-01T17:52:11Z logger.go:66:     "type" = tostring(null)
TestTerraformConfluentPlatformSinglenodeExample 2022-08-01T17:52:11Z logger.go:66:   }
TestTerraformConfluentPlatformSinglenodeExample 2022-08-01T17:52:11Z logger.go:66:   "build" = {
TestTerraformConfluentPlatformSinglenodeExample 2022-08-01T17:52:11Z logger.go:66:     "onDemand" = {
TestTerraformConfluentPlatformSinglenodeExample 2022-08-01T17:52:11Z logger.go:66:       "plugins" = {
TestTerraformConfluentPlatformSinglenodeExample 2022-08-01T17:52:11Z logger.go:66:         "confluentHub" = tolist(null) /* of object */
TestTerraformConfluentPlatformSinglenodeExample 2022-08-01T17:52:11Z logger.go:66:         "locationType" = tostring(null)
TestTerraformConfluentPlatformSinglenodeExample 2022-08-01T17:52:11Z logger.go:66:         "url" = tolist(null) /* of object */
TestTerraformConfluentPlatformSinglenodeExample 2022-08-01T17:52:11Z logger.go:66:       }
TestTerraformConfluentPlatformSinglenodeExample 2022-08-01T17:52:11Z logger.go:66:       "storageLimit" = tostring(null)
TestTerraformConfluentPlatformSinglenodeExample 2022-08-01T17:52:11Z logger.go:66:     }
TestTerraformConfluentPlatformSinglenodeExample 2022-08-01T17:52:11Z logger.go:66:     "type" = tostring(null)
TestTerraformConfluentPlatformSinglenodeExample 2022-08-01T17:52:11Z logger.go:66:   }
TestTerraformConfluentPlatformSinglenodeExample 2022-08-01T17:52:11Z logger.go:66:   "configOverrides" = {
TestTerraformConfluentPlatformSinglenodeExample 2022-08-01T17:52:11Z logger.go:66:     "jvm" = tolist(null) /* of string */
TestTerraformConfluentPlatformSinglenodeExample 2022-08-01T17:52:11Z logger.go:66:     "log4j" = tolist(null) /* of string */
TestTerraformConfluentPlatformSinglenodeExample 2022-08-01T17:52:11Z logger.go:66:     "server" = tolist([
TestTerraformConfluentPlatformSinglenodeExample 2022-08-01T17:52:11Z logger.go:66:       "config.storage.replication.factor=1",
TestTerraformConfluentPlatformSinglenodeExample 2022-08-01T17:52:11Z logger.go:66:       "offset.storage.replication.factor=1",
TestTerraformConfluentPlatformSinglenodeExample 2022-08-01T17:52:11Z logger.go:66:       "status.storage.replication.factor=1",
TestTerraformConfluentPlatformSinglenodeExample 2022-08-01T17:52:11Z logger.go:66:     ])
TestTerraformConfluentPlatformSinglenodeExample 2022-08-01T17:52:11Z logger.go:66:   }
TestTerraformConfluentPlatformSinglenodeExample 2022-08-01T17:52:11Z logger.go:66:   "connectorOverridePolicy" = tostring(null)
TestTerraformConfluentPlatformSinglenodeExample 2022-08-01T17:52:11Z logger.go:66:   "connectorTLSCerts" = tolist(null) /* of object */
TestTerraformConfluentPlatformSinglenodeExample 2022-08-01T17:52:11Z logger.go:66:   "dependencies" = {
TestTerraformConfluentPlatformSinglenodeExample 2022-08-01T17:52:11Z logger.go:66:     "admin" = {
TestTerraformConfluentPlatformSinglenodeExample 2022-08-01T17:52:11Z logger.go:66:       "authentication" = {
TestTerraformConfluentPlatformSinglenodeExample 2022-08-01T17:52:11Z logger.go:66:         "jaasConfig" = {
TestTerraformConfluentPlatformSinglenodeExample 2022-08-01T17:52:11Z logger.go:66:           "secretRef" = tostring(null)
TestTerraformConfluentPlatformSinglenodeExample 2022-08-01T17:52:11Z logger.go:66:         }
TestTerraformConfluentPlatformSinglenodeExample 2022-08-01T17:52:11Z logger.go:66:         "jaasConfigPassThrough" = {
TestTerraformConfluentPlatformSinglenodeExample 2022-08-01T17:52:11Z logger.go:66:           "directoryPathInContainer" = tostring(null)
TestTerraformConfluentPlatformSinglenodeExample 2022-08-01T17:52:11Z logger.go:66:           "secretRef" = tostring(null)
TestTerraformConfluentPlatformSinglenodeExample 2022-08-01T17:52:11Z logger.go:66:         }
TestTerraformConfluentPlatformSinglenodeExample 2022-08-01T17:52:11Z logger.go:66:         "oauthbearer" = {
TestTerraformConfluentPlatformSinglenodeExample 2022-08-01T17:52:11Z logger.go:66:           "directoryPathInContainer" = tostring(null)
TestTerraformConfluentPlatformSinglenodeExample 2022-08-01T17:52:11Z logger.go:66:           "secretRef" = tostring(null)
TestTerraformConfluentPlatformSinglenodeExample 2022-08-01T17:52:11Z logger.go:66:         }
TestTerraformConfluentPlatformSinglenodeExample 2022-08-01T17:52:11Z logger.go:66:         "type" = tostring(null)
TestTerraformConfluentPlatformSinglenodeExample 2022-08-01T17:52:11Z logger.go:66:       }
TestTerraformConfluentPlatformSinglenodeExample 2022-08-01T17:52:11Z logger.go:66:       "bootstrapEndpoint" = tostring(null)
TestTerraformConfluentPlatformSinglenodeExample 2022-08-01T17:52:11Z logger.go:66:       "discovery" = {
TestTerraformConfluentPlatformSinglenodeExample 2022-08-01T17:52:11Z logger.go:66:         "name" = tostring(null)
TestTerraformConfluentPlatformSinglenodeExample 2022-08-01T17:52:11Z logger.go:66:         "namespace" = tostring(null)
TestTerraformConfluentPlatformSinglenodeExample 2022-08-01T17:52:11Z logger.go:66:         "secretRef" = tostring(null)
TestTerraformConfluentPlatformSinglenodeExample 2022-08-01T17:52:11Z logger.go:66:       }
TestTerraformConfluentPlatformSinglenodeExample 2022-08-01T17:52:11Z logger.go:66:       "tls" = {
TestTerraformConfluentPlatformSinglenodeExample 2022-08-01T17:52:11Z logger.go:66:         "directoryPathInContainer" = tostring(null)
TestTerraformConfluentPlatformSinglenodeExample 2022-08-01T17:52:11Z logger.go:66:         "enabled" = tobool(null)
TestTerraformConfluentPlatformSinglenodeExample 2022-08-01T17:52:11Z logger.go:66:         "ignoreTrustStoreConfig" = tobool(null)
TestTerraformConfluentPlatformSinglenodeExample 2022-08-01T17:52:11Z logger.go:66:         "jksPassword" = {
TestTerraformConfluentPlatformSinglenodeExample 2022-08-01T17:52:11Z logger.go:66:           "secretRef" = tostring(null)
TestTerraformConfluentPlatformSinglenodeExample 2022-08-01T17:52:11Z logger.go:66:         }
TestTerraformConfluentPlatformSinglenodeExample 2022-08-01T17:52:11Z logger.go:66:         "secretRef" = tostring(null)
TestTerraformConfluentPlatformSinglenodeExample 2022-08-01T17:52:11Z logger.go:66:       }
TestTerraformConfluentPlatformSinglenodeExample 2022-08-01T17:52:11Z logger.go:66:     }
TestTerraformConfluentPlatformSinglenodeExample 2022-08-01T17:52:11Z logger.go:66:     "consumer" = {
TestTerraformConfluentPlatformSinglenodeExample 2022-08-01T17:52:11Z logger.go:66:       "authentication" = {
TestTerraformConfluentPlatformSinglenodeExample 2022-08-01T17:52:11Z logger.go:66:         "jaasConfig" = {
TestTerraformConfluentPlatformSinglenodeExample 2022-08-01T17:52:11Z logger.go:66:           "secretRef" = tostring(null)
TestTerraformConfluentPlatformSinglenodeExample 2022-08-01T17:52:11Z logger.go:66:         }
TestTerraformConfluentPlatformSinglenodeExample 2022-08-01T17:52:11Z logger.go:66:         "jaasConfigPassThrough" = {
TestTerraformConfluentPlatformSinglenodeExample 2022-08-01T17:52:11Z logger.go:66:           "directoryPathInContainer" = tostring(null)
TestTerraformConfluentPlatformSinglenodeExample 2022-08-01T17:52:11Z logger.go:66:           "secretRef" = tostring(null)
TestTerraformConfluentPlatformSinglenodeExample 2022-08-01T17:52:11Z logger.go:66:         }
TestTerraformConfluentPlatformSinglenodeExample 2022-08-01T17:52:11Z logger.go:66:         "oauthbearer" = {
TestTerraformConfluentPlatformSinglenodeExample 2022-08-01T17:52:11Z logger.go:66:           "directoryPathInContainer" = tostring(null)
TestTerraformConfluentPlatformSinglenodeExample 2022-08-01T17:52:11Z logger.go:66:           "secretRef" = tostring(null)
TestTerraformConfluentPlatformSinglenodeExample 2022-08-01T17:52:11Z logger.go:66:         }
TestTerraformConfluentPlatformSinglenodeExample 2022-08-01T17:52:11Z logger.go:66:         "type" = tostring(null)
TestTerraformConfluentPlatformSinglenodeExample 2022-08-01T17:52:11Z logger.go:66:       }
TestTerraformConfluentPlatformSinglenodeExample 2022-08-01T17:52:11Z logger.go:66:       "bootstrapEndpoint" = tostring(null)
TestTerraformConfluentPlatformSinglenodeExample 2022-08-01T17:52:11Z logger.go:66:       "discovery" = {
TestTerraformConfluentPlatformSinglenodeExample 2022-08-01T17:52:11Z logger.go:66:         "name" = tostring(null)
TestTerraformConfluentPlatformSinglenodeExample 2022-08-01T17:52:11Z logger.go:66:         "namespace" = tostring(null)
TestTerraformConfluentPlatformSinglenodeExample 2022-08-01T17:52:11Z logger.go:66:         "secretRef" = tostring(null)
TestTerraformConfluentPlatformSinglenodeExample 2022-08-01T17:52:11Z logger.go:66:       }
TestTerraformConfluentPlatformSinglenodeExample 2022-08-01T17:52:11Z logger.go:66:       "tls" = {
TestTerraformConfluentPlatformSinglenodeExample 2022-08-01T17:52:11Z logger.go:66:         "directoryPathInContainer" = tostring(null)
TestTerraformConfluentPlatformSinglenodeExample 2022-08-01T17:52:11Z logger.go:66:         "enabled" = tobool(null)
TestTerraformConfluentPlatformSinglenodeExample 2022-08-01T17:52:11Z logger.go:66:         "ignoreTrustStoreConfig" = tobool(null)
TestTerraformConfluentPlatformSinglenodeExample 2022-08-01T17:52:11Z logger.go:66:         "jksPassword" = {
TestTerraformConfluentPlatformSinglenodeExample 2022-08-01T17:52:11Z logger.go:66:           "secretRef" = tostring(null)
TestTerraformConfluentPlatformSinglenodeExample 2022-08-01T17:52:11Z logger.go:66:         }
TestTerraformConfluentPlatformSinglenodeExample 2022-08-01T17:52:11Z logger.go:66:         "secretRef" = tostring(null)
TestTerraformConfluentPlatformSinglenodeExample 2022-08-01T17:52:11Z logger.go:66:       }
TestTerraformConfluentPlatformSinglenodeExample 2022-08-01T17:52:11Z logger.go:66:     }
TestTerraformConfluentPlatformSinglenodeExample 2022-08-01T17:52:11Z logger.go:66:     "interceptor" = {
TestTerraformConfluentPlatformSinglenodeExample 2022-08-01T17:52:11Z logger.go:66:       "configs" = tolist(null) /* of string */
TestTerraformConfluentPlatformSinglenodeExample 2022-08-01T17:52:11Z logger.go:66:       "consumer" = {
TestTerraformConfluentPlatformSinglenodeExample 2022-08-01T17:52:11Z logger.go:66:         "authentication" = {
TestTerraformConfluentPlatformSinglenodeExample 2022-08-01T17:52:11Z logger.go:66:           "jaasConfig" = {
TestTerraformConfluentPlatformSinglenodeExample 2022-08-01T17:52:11Z logger.go:66:             "secretRef" = tostring(null)
TestTerraformConfluentPlatformSinglenodeExample 2022-08-01T17:52:11Z logger.go:66:           }
TestTerraformConfluentPlatformSinglenodeExample 2022-08-01T17:52:11Z logger.go:66:           "jaasConfigPassThrough" = {
TestTerraformConfluentPlatformSinglenodeExample 2022-08-01T17:52:11Z logger.go:66:             "directoryPathInContainer" = tostring(null)
TestTerraformConfluentPlatformSinglenodeExample 2022-08-01T17:52:11Z logger.go:66:             "secretRef" = tostring(null)
TestTerraformConfluentPlatformSinglenodeExample 2022-08-01T17:52:11Z logger.go:66:           }
TestTerraformConfluentPlatformSinglenodeExample 2022-08-01T17:52:11Z logger.go:66:           "oauthbearer" = {
TestTerraformConfluentPlatformSinglenodeExample 2022-08-01T17:52:11Z logger.go:66:             "directoryPathInContainer" = tostring(null)
TestTerraformConfluentPlatformSinglenodeExample 2022-08-01T17:52:11Z logger.go:66:             "secretRef" = tostring(null)
TestTerraformConfluentPlatformSinglenodeExample 2022-08-01T17:52:11Z logger.go:66:           }
TestTerraformConfluentPlatformSinglenodeExample 2022-08-01T17:52:11Z logger.go:66:           "type" = tostring(null)
TestTerraformConfluentPlatformSinglenodeExample 2022-08-01T17:52:11Z logger.go:66:         }
TestTerraformConfluentPlatformSinglenodeExample 2022-08-01T17:52:11Z logger.go:66:         "bootstrapEndpoint" = tostring(null)
TestTerraformConfluentPlatformSinglenodeExample 2022-08-01T17:52:11Z logger.go:66:         "discovery" = {
TestTerraformConfluentPlatformSinglenodeExample 2022-08-01T17:52:11Z logger.go:66:           "name" = tostring(null)
TestTerraformConfluentPlatformSinglenodeExample 2022-08-01T17:52:11Z logger.go:66:           "namespace" = tostring(null)
TestTerraformConfluentPlatformSinglenodeExample 2022-08-01T17:52:11Z logger.go:66:           "secretRef" = tostring(null)
TestTerraformConfluentPlatformSinglenodeExample 2022-08-01T17:52:11Z logger.go:66:         }
TestTerraformConfluentPlatformSinglenodeExample 2022-08-01T17:52:11Z logger.go:66:         "tls" = {
TestTerraformConfluentPlatformSinglenodeExample 2022-08-01T17:52:11Z logger.go:66:           "directoryPathInContainer" = tostring(null)
TestTerraformConfluentPlatformSinglenodeExample 2022-08-01T17:52:11Z logger.go:66:           "enabled" = tobool(null)
TestTerraformConfluentPlatformSinglenodeExample 2022-08-01T17:52:11Z logger.go:66:           "ignoreTrustStoreConfig" = tobool(null)
TestTerraformConfluentPlatformSinglenodeExample 2022-08-01T17:52:11Z logger.go:66:           "jksPassword" = {
TestTerraformConfluentPlatformSinglenodeExample 2022-08-01T17:52:11Z logger.go:66:             "secretRef" = tostring(null)
TestTerraformConfluentPlatformSinglenodeExample 2022-08-01T17:52:11Z logger.go:66:           }
TestTerraformConfluentPlatformSinglenodeExample 2022-08-01T17:52:11Z logger.go:66:           "secretRef" = tostring(null)
TestTerraformConfluentPlatformSinglenodeExample 2022-08-01T17:52:11Z logger.go:66:         }
TestTerraformConfluentPlatformSinglenodeExample 2022-08-01T17:52:11Z logger.go:66:       }
TestTerraformConfluentPlatformSinglenodeExample 2022-08-01T17:52:11Z logger.go:66:       "enabled" = tobool(null)
TestTerraformConfluentPlatformSinglenodeExample 2022-08-01T17:52:11Z logger.go:66:       "producer" = {
TestTerraformConfluentPlatformSinglenodeExample 2022-08-01T17:52:11Z logger.go:66:         "authentication" = {
TestTerraformConfluentPlatformSinglenodeExample 2022-08-01T17:52:11Z logger.go:66:           "jaasConfig" = {
TestTerraformConfluentPlatformSinglenodeExample 2022-08-01T17:52:11Z logger.go:66:             "secretRef" = tostring(null)
TestTerraformConfluentPlatformSinglenodeExample 2022-08-01T17:52:11Z logger.go:66:           }
TestTerraformConfluentPlatformSinglenodeExample 2022-08-01T17:52:11Z logger.go:66:           "jaasConfigPassThrough" = {
TestTerraformConfluentPlatformSinglenodeExample 2022-08-01T17:52:11Z logger.go:66:             "directoryPathInContainer" = tostring(null)
TestTerraformConfluentPlatformSinglenodeExample 2022-08-01T17:52:11Z logger.go:66:             "secretRef" = tostring(null)
TestTerraformConfluentPlatformSinglenodeExample 2022-08-01T17:52:11Z logger.go:66:           }
TestTerraformConfluentPlatformSinglenodeExample 2022-08-01T17:52:11Z logger.go:66:           "oauthbearer" = {
TestTerraformConfluentPlatformSinglenodeExample 2022-08-01T17:52:11Z logger.go:66:             "directoryPathInContainer" = tostring(null)
TestTerraformConfluentPlatformSinglenodeExample 2022-08-01T17:52:11Z logger.go:66:             "secretRef" = tostring(null)
TestTerraformConfluentPlatformSinglenodeExample 2022-08-01T17:52:11Z logger.go:66:           }
TestTerraformConfluentPlatformSinglenodeExample 2022-08-01T17:52:11Z logger.go:66:           "type" = tostring(null)
TestTerraformConfluentPlatformSinglenodeExample 2022-08-01T17:52:11Z logger.go:66:         }
TestTerraformConfluentPlatformSinglenodeExample 2022-08-01T17:52:11Z logger.go:66:         "bootstrapEndpoint" = tostring(null)
TestTerraformConfluentPlatformSinglenodeExample 2022-08-01T17:52:11Z logger.go:66:         "discovery" = {
TestTerraformConfluentPlatformSinglenodeExample 2022-08-01T17:52:11Z logger.go:66:           "name" = tostring(null)
TestTerraformConfluentPlatformSinglenodeExample 2022-08-01T17:52:11Z logger.go:66:           "namespace" = tostring(null)
TestTerraformConfluentPlatformSinglenodeExample 2022-08-01T17:52:11Z logger.go:66:           "secretRef" = tostring(null)
TestTerraformConfluentPlatformSinglenodeExample 2022-08-01T17:52:11Z logger.go:66:         }
TestTerraformConfluentPlatformSinglenodeExample 2022-08-01T17:52:11Z logger.go:66:         "tls" = {
TestTerraformConfluentPlatformSinglenodeExample 2022-08-01T17:52:11Z logger.go:66:           "directoryPathInContainer" = tostring(null)
TestTerraformConfluentPlatformSinglenodeExample 2022-08-01T17:52:11Z logger.go:66:           "enabled" = tobool(null)
TestTerraformConfluentPlatformSinglenodeExample 2022-08-01T17:52:11Z logger.go:66:           "ignoreTrustStoreConfig" = tobool(null)
TestTerraformConfluentPlatformSinglenodeExample 2022-08-01T17:52:11Z logger.go:66:           "jksPassword" = {
TestTerraformConfluentPlatformSinglenodeExample 2022-08-01T17:52:11Z logger.go:66:             "secretRef" = tostring(null)
TestTerraformConfluentPlatformSinglenodeExample 2022-08-01T17:52:11Z logger.go:66:           }
TestTerraformConfluentPlatformSinglenodeExample 2022-08-01T17:52:11Z logger.go:66:           "secretRef" = tostring(null)
TestTerraformConfluentPlatformSinglenodeExample 2022-08-01T17:52:11Z logger.go:66:         }
TestTerraformConfluentPlatformSinglenodeExample 2022-08-01T17:52:11Z logger.go:66:       }
TestTerraformConfluentPlatformSinglenodeExample 2022-08-01T17:52:11Z logger.go:66:       "publishMs" = tonumber(null)
TestTerraformConfluentPlatformSinglenodeExample 2022-08-01T17:52:11Z logger.go:66:     }
TestTerraformConfluentPlatformSinglenodeExample 2022-08-01T17:52:11Z logger.go:66:     "kafka" = {
TestTerraformConfluentPlatformSinglenodeExample 2022-08-01T17:52:11Z logger.go:66:       "authentication" = {
TestTerraformConfluentPlatformSinglenodeExample 2022-08-01T17:52:11Z logger.go:66:         "jaasConfig" = {
TestTerraformConfluentPlatformSinglenodeExample 2022-08-01T17:52:11Z logger.go:66:           "secretRef" = tostring(null)
TestTerraformConfluentPlatformSinglenodeExample 2022-08-01T17:52:11Z logger.go:66:         }
TestTerraformConfluentPlatformSinglenodeExample 2022-08-01T17:52:11Z logger.go:66:         "jaasConfigPassThrough" = {
TestTerraformConfluentPlatformSinglenodeExample 2022-08-01T17:52:11Z logger.go:66:           "directoryPathInContainer" = tostring(null)
TestTerraformConfluentPlatformSinglenodeExample 2022-08-01T17:52:11Z logger.go:66:           "secretRef" = tostring(null)
TestTerraformConfluentPlatformSinglenodeExample 2022-08-01T17:52:11Z logger.go:66:         }
TestTerraformConfluentPlatformSinglenodeExample 2022-08-01T17:52:11Z logger.go:66:         "oauthbearer" = {
TestTerraformConfluentPlatformSinglenodeExample 2022-08-01T17:52:11Z logger.go:66:           "directoryPathInContainer" = tostring(null)
TestTerraformConfluentPlatformSinglenodeExample 2022-08-01T17:52:11Z logger.go:66:           "secretRef" = tostring(null)
TestTerraformConfluentPlatformSinglenodeExample 2022-08-01T17:52:11Z logger.go:66:         }
TestTerraformConfluentPlatformSinglenodeExample 2022-08-01T17:52:11Z logger.go:66:         "type" = tostring(null)
TestTerraformConfluentPlatformSinglenodeExample 2022-08-01T17:52:11Z logger.go:66:       }
TestTerraformConfluentPlatformSinglenodeExample 2022-08-01T17:52:11Z logger.go:66:       "bootstrapEndpoint" = "kafka:9071"
TestTerraformConfluentPlatformSinglenodeExample 2022-08-01T17:52:11Z logger.go:66:       "discovery" = {
TestTerraformConfluentPlatformSinglenodeExample 2022-08-01T17:52:11Z logger.go:66:         "name" = tostring(null)
TestTerraformConfluentPlatformSinglenodeExample 2022-08-01T17:52:11Z logger.go:66:         "namespace" = tostring(null)
TestTerraformConfluentPlatformSinglenodeExample 2022-08-01T17:52:11Z logger.go:66:         "secretRef" = tostring(null)
TestTerraformConfluentPlatformSinglenodeExample 2022-08-01T17:52:11Z logger.go:66:       }
TestTerraformConfluentPlatformSinglenodeExample 2022-08-01T17:52:11Z logger.go:66:       "tls" = {
TestTerraformConfluentPlatformSinglenodeExample 2022-08-01T17:52:11Z logger.go:66:         "directoryPathInContainer" = tostring(null)
TestTerraformConfluentPlatformSinglenodeExample 2022-08-01T17:52:11Z logger.go:66:         "enabled" = tobool(null)
TestTerraformConfluentPlatformSinglenodeExample 2022-08-01T17:52:11Z logger.go:66:         "ignoreTrustStoreConfig" = tobool(null)
TestTerraformConfluentPlatformSinglenodeExample 2022-08-01T17:52:11Z logger.go:66:         "jksPassword" = {
TestTerraformConfluentPlatformSinglenodeExample 2022-08-01T17:52:11Z logger.go:66:           "secretRef" = tostring(null)
TestTerraformConfluentPlatformSinglenodeExample 2022-08-01T17:52:11Z logger.go:66:         }
TestTerraformConfluentPlatformSinglenodeExample 2022-08-01T17:52:11Z logger.go:66:         "secretRef" = tostring(null)
TestTerraformConfluentPlatformSinglenodeExample 2022-08-01T17:52:11Z logger.go:66:       }
TestTerraformConfluentPlatformSinglenodeExample 2022-08-01T17:52:11Z logger.go:66:     }
TestTerraformConfluentPlatformSinglenodeExample 2022-08-01T17:52:11Z logger.go:66:     "mds" = {
TestTerraformConfluentPlatformSinglenodeExample 2022-08-01T17:52:11Z logger.go:66:       "authentication" = {
TestTerraformConfluentPlatformSinglenodeExample 2022-08-01T17:52:11Z logger.go:66:         "bearer" = {
TestTerraformConfluentPlatformSinglenodeExample 2022-08-01T17:52:11Z logger.go:66:           "directoryPathInContainer" = tostring(null)
TestTerraformConfluentPlatformSinglenodeExample 2022-08-01T17:52:11Z logger.go:66:           "secretRef" = tostring(null)
TestTerraformConfluentPlatformSinglenodeExample 2022-08-01T17:52:11Z logger.go:66:         }
TestTerraformConfluentPlatformSinglenodeExample 2022-08-01T17:52:11Z logger.go:66:         "type" = tostring(null)
TestTerraformConfluentPlatformSinglenodeExample 2022-08-01T17:52:11Z logger.go:66:       }
TestTerraformConfluentPlatformSinglenodeExample 2022-08-01T17:52:11Z logger.go:66:       "endpoint" = tostring(null)
TestTerraformConfluentPlatformSinglenodeExample 2022-08-01T17:52:11Z logger.go:66:       "tls" = {
TestTerraformConfluentPlatformSinglenodeExample 2022-08-01T17:52:11Z logger.go:66:         "directoryPathInContainer" = tostring(null)
TestTerraformConfluentPlatformSinglenodeExample 2022-08-01T17:52:11Z logger.go:66:         "enabled" = tobool(null)
TestTerraformConfluentPlatformSinglenodeExample 2022-08-01T17:52:11Z logger.go:66:         "ignoreTrustStoreConfig" = tobool(null)
TestTerraformConfluentPlatformSinglenodeExample 2022-08-01T17:52:11Z logger.go:66:         "jksPassword" = {
TestTerraformConfluentPlatformSinglenodeExample 2022-08-01T17:52:11Z logger.go:66:           "secretRef" = tostring(null)
TestTerraformConfluentPlatformSinglenodeExample 2022-08-01T17:52:11Z logger.go:66:         }
TestTerraformConfluentPlatformSinglenodeExample 2022-08-01T17:52:11Z logger.go:66:         "secretRef" = tostring(null)
TestTerraformConfluentPlatformSinglenodeExample 2022-08-01T17:52:11Z logger.go:66:       }
TestTerraformConfluentPlatformSinglenodeExample 2022-08-01T17:52:11Z logger.go:66:       "tokenKeyPair" = {
TestTerraformConfluentPlatformSinglenodeExample 2022-08-01T17:52:11Z logger.go:66:         "directoryPathInContainer" = tostring(null)
TestTerraformConfluentPlatformSinglenodeExample 2022-08-01T17:52:11Z logger.go:66:         "secretRef" = tostring(null)
TestTerraformConfluentPlatformSinglenodeExample 2022-08-01T17:52:11Z logger.go:66:       }
TestTerraformConfluentPlatformSinglenodeExample 2022-08-01T17:52:11Z logger.go:66:     }
TestTerraformConfluentPlatformSinglenodeExample 2022-08-01T17:52:11Z logger.go:66:     "producer" = {
TestTerraformConfluentPlatformSinglenodeExample 2022-08-01T17:52:11Z logger.go:66:       "authentication" = {
TestTerraformConfluentPlatformSinglenodeExample 2022-08-01T17:52:11Z logger.go:66:         "jaasConfig" = {
TestTerraformConfluentPlatformSinglenodeExample 2022-08-01T17:52:11Z logger.go:66:           "secretRef" = tostring(null)
TestTerraformConfluentPlatformSinglenodeExample 2022-08-01T17:52:11Z logger.go:66:         }
TestTerraformConfluentPlatformSinglenodeExample 2022-08-01T17:52:11Z logger.go:66:         "jaasConfigPassThrough" = {
TestTerraformConfluentPlatformSinglenodeExample 2022-08-01T17:52:11Z logger.go:66:           "directoryPathInContainer" = tostring(null)
TestTerraformConfluentPlatformSinglenodeExample 2022-08-01T17:52:11Z logger.go:66:           "secretRef" = tostring(null)
TestTerraformConfluentPlatformSinglenodeExample 2022-08-01T17:52:11Z logger.go:66:         }
TestTerraformConfluentPlatformSinglenodeExample 2022-08-01T17:52:11Z logger.go:66:         "oauthbearer" = {
TestTerraformConfluentPlatformSinglenodeExample 2022-08-01T17:52:11Z logger.go:66:           "directoryPathInContainer" = tostring(null)
TestTerraformConfluentPlatformSinglenodeExample 2022-08-01T17:52:11Z logger.go:66:           "secretRef" = tostring(null)
TestTerraformConfluentPlatformSinglenodeExample 2022-08-01T17:52:11Z logger.go:66:         }
TestTerraformConfluentPlatformSinglenodeExample 2022-08-01T17:52:11Z logger.go:66:         "type" = tostring(null)
TestTerraformConfluentPlatformSinglenodeExample 2022-08-01T17:52:11Z logger.go:66:       }
TestTerraformConfluentPlatformSinglenodeExample 2022-08-01T17:52:11Z logger.go:66:       "bootstrapEndpoint" = tostring(null)
TestTerraformConfluentPlatformSinglenodeExample 2022-08-01T17:52:11Z logger.go:66:       "discovery" = {
TestTerraformConfluentPlatformSinglenodeExample 2022-08-01T17:52:11Z logger.go:66:         "name" = tostring(null)
TestTerraformConfluentPlatformSinglenodeExample 2022-08-01T17:52:11Z logger.go:66:         "namespace" = tostring(null)
TestTerraformConfluentPlatformSinglenodeExample 2022-08-01T17:52:11Z logger.go:66:         "secretRef" = tostring(null)
TestTerraformConfluentPlatformSinglenodeExample 2022-08-01T17:52:11Z logger.go:66:       }
TestTerraformConfluentPlatformSinglenodeExample 2022-08-01T17:52:11Z logger.go:66:       "tls" = {
TestTerraformConfluentPlatformSinglenodeExample 2022-08-01T17:52:11Z logger.go:66:         "directoryPathInContainer" = tostring(null)
TestTerraformConfluentPlatformSinglenodeExample 2022-08-01T17:52:11Z logger.go:66:         "enabled" = tobool(null)
TestTerraformConfluentPlatformSinglenodeExample 2022-08-01T17:52:11Z logger.go:66:         "ignoreTrustStoreConfig" = tobool(null)
TestTerraformConfluentPlatformSinglenodeExample 2022-08-01T17:52:11Z logger.go:66:         "jksPassword" = {
TestTerraformConfluentPlatformSinglenodeExample 2022-08-01T17:52:11Z logger.go:66:           "secretRef" = tostring(null)
TestTerraformConfluentPlatformSinglenodeExample 2022-08-01T17:52:11Z logger.go:66:         }
TestTerraformConfluentPlatformSinglenodeExample 2022-08-01T17:52:11Z logger.go:66:         "secretRef" = tostring(null)
TestTerraformConfluentPlatformSinglenodeExample 2022-08-01T17:52:11Z logger.go:66:       }
TestTerraformConfluentPlatformSinglenodeExample 2022-08-01T17:52:11Z logger.go:66:     }
TestTerraformConfluentPlatformSinglenodeExample 2022-08-01T17:52:11Z logger.go:66:     "schemaRegistry" = {
TestTerraformConfluentPlatformSinglenodeExample 2022-08-01T17:52:11Z logger.go:66:       "authentication" = {
TestTerraformConfluentPlatformSinglenodeExample 2022-08-01T17:52:11Z logger.go:66:         "basic" = {
TestTerraformConfluentPlatformSinglenodeExample 2022-08-01T17:52:11Z logger.go:66:           "debug" = tobool(null)
TestTerraformConfluentPlatformSinglenodeExample 2022-08-01T17:52:11Z logger.go:66:           "directoryPathInContainer" = tostring(null)
TestTerraformConfluentPlatformSinglenodeExample 2022-08-01T17:52:11Z logger.go:66:           "restrictedRoles" = tolist(null) /* of string */
TestTerraformConfluentPlatformSinglenodeExample 2022-08-01T17:52:11Z logger.go:66:           "roles" = tolist(null) /* of string */
TestTerraformConfluentPlatformSinglenodeExample 2022-08-01T17:52:11Z logger.go:66:           "secretRef" = tostring(null)
TestTerraformConfluentPlatformSinglenodeExample 2022-08-01T17:52:11Z logger.go:66:         }
TestTerraformConfluentPlatformSinglenodeExample 2022-08-01T17:52:11Z logger.go:66:         "type" = tostring(null)
TestTerraformConfluentPlatformSinglenodeExample 2022-08-01T17:52:11Z logger.go:66:       }
TestTerraformConfluentPlatformSinglenodeExample 2022-08-01T17:52:11Z logger.go:66:       "tls" = {
TestTerraformConfluentPlatformSinglenodeExample 2022-08-01T17:52:11Z logger.go:66:         "directoryPathInContainer" = tostring(null)
TestTerraformConfluentPlatformSinglenodeExample 2022-08-01T17:52:11Z logger.go:66:         "enabled" = tobool(null)
TestTerraformConfluentPlatformSinglenodeExample 2022-08-01T17:52:11Z logger.go:66:         "ignoreTrustStoreConfig" = tobool(null)
TestTerraformConfluentPlatformSinglenodeExample 2022-08-01T17:52:11Z logger.go:66:         "jksPassword" = {
TestTerraformConfluentPlatformSinglenodeExample 2022-08-01T17:52:11Z logger.go:66:           "secretRef" = tostring(null)
TestTerraformConfluentPlatformSinglenodeExample 2022-08-01T17:52:11Z logger.go:66:         }
TestTerraformConfluentPlatformSinglenodeExample 2022-08-01T17:52:11Z logger.go:66:         "secretRef" = tostring(null)
TestTerraformConfluentPlatformSinglenodeExample 2022-08-01T17:52:11Z logger.go:66:       }
TestTerraformConfluentPlatformSinglenodeExample 2022-08-01T17:52:11Z logger.go:66:       "url" = tostring(null)
TestTerraformConfluentPlatformSinglenodeExample 2022-08-01T17:52:11Z logger.go:66:     }
TestTerraformConfluentPlatformSinglenodeExample 2022-08-01T17:52:11Z logger.go:66:   }
TestTerraformConfluentPlatformSinglenodeExample 2022-08-01T17:52:11Z logger.go:66:   "enableSchemas" = tobool(null)
TestTerraformConfluentPlatformSinglenodeExample 2022-08-01T17:52:11Z logger.go:66:   "externalAccess" = {
TestTerraformConfluentPlatformSinglenodeExample 2022-08-01T17:52:11Z logger.go:66:     "loadBalancer" = {
TestTerraformConfluentPlatformSinglenodeExample 2022-08-01T17:52:11Z logger.go:66:       "advertisedURL" = {
TestTerraformConfluentPlatformSinglenodeExample 2022-08-01T17:52:11Z logger.go:66:         "enabled" = tobool(null)
TestTerraformConfluentPlatformSinglenodeExample 2022-08-01T17:52:11Z logger.go:66:         "prefix" = tostring(null)
TestTerraformConfluentPlatformSinglenodeExample 2022-08-01T17:52:11Z logger.go:66:       }
TestTerraformConfluentPlatformSinglenodeExample 2022-08-01T17:52:11Z logger.go:66:       "annotations" = tomap(null) /* of string */
TestTerraformConfluentPlatformSinglenodeExample 2022-08-01T17:52:11Z logger.go:66:       "domain" = tostring(null)
TestTerraformConfluentPlatformSinglenodeExample 2022-08-01T17:52:11Z logger.go:66:       "externalTrafficPolicy" = tostring(null)
TestTerraformConfluentPlatformSinglenodeExample 2022-08-01T17:52:11Z logger.go:66:       "labels" = tomap(null) /* of string */
TestTerraformConfluentPlatformSinglenodeExample 2022-08-01T17:52:11Z logger.go:66:       "loadBalancerSourceRanges" = tolist(null) /* of string */
TestTerraformConfluentPlatformSinglenodeExample 2022-08-01T17:52:11Z logger.go:66:       "port" = tonumber(null)
TestTerraformConfluentPlatformSinglenodeExample 2022-08-01T17:52:11Z logger.go:66:       "prefix" = tostring(null)
TestTerraformConfluentPlatformSinglenodeExample 2022-08-01T17:52:11Z logger.go:66:       "servicePorts" = tolist(null) /* of object */
TestTerraformConfluentPlatformSinglenodeExample 2022-08-01T17:52:11Z logger.go:66:       "sessionAffinity" = tostring(null)
TestTerraformConfluentPlatformSinglenodeExample 2022-08-01T17:52:11Z logger.go:66:       "sessionAffinityConfig" = {
TestTerraformConfluentPlatformSinglenodeExample 2022-08-01T17:52:11Z logger.go:66:         "clientIP" = {
TestTerraformConfluentPlatformSinglenodeExample 2022-08-01T17:52:11Z logger.go:66:           "timeoutSeconds" = tonumber(null)
TestTerraformConfluentPlatformSinglenodeExample 2022-08-01T17:52:11Z logger.go:66:         }
TestTerraformConfluentPlatformSinglenodeExample 2022-08-01T17:52:11Z logger.go:66:       }
TestTerraformConfluentPlatformSinglenodeExample 2022-08-01T17:52:11Z logger.go:66:     }
TestTerraformConfluentPlatformSinglenodeExample 2022-08-01T17:52:11Z logger.go:66:     "nodePort" = {
TestTerraformConfluentPlatformSinglenodeExample 2022-08-01T17:52:11Z logger.go:66:       "advertisedURL" = {
TestTerraformConfluentPlatformSinglenodeExample 2022-08-01T17:52:11Z logger.go:66:         "enabled" = tobool(null)
TestTerraformConfluentPlatformSinglenodeExample 2022-08-01T17:52:11Z logger.go:66:         "prefix" = tostring(null)
TestTerraformConfluentPlatformSinglenodeExample 2022-08-01T17:52:11Z logger.go:66:       }
TestTerraformConfluentPlatformSinglenodeExample 2022-08-01T17:52:11Z logger.go:66:       "annotations" = tomap(null) /* of string */
TestTerraformConfluentPlatformSinglenodeExample 2022-08-01T17:52:11Z logger.go:66:       "externalTrafficPolicy" = tostring(null)
TestTerraformConfluentPlatformSinglenodeExample 2022-08-01T17:52:11Z logger.go:66:       "host" = tostring(null)
TestTerraformConfluentPlatformSinglenodeExample 2022-08-01T17:52:11Z logger.go:66:       "labels" = tomap(null) /* of string */
TestTerraformConfluentPlatformSinglenodeExample 2022-08-01T17:52:11Z logger.go:66:       "nodePortOffset" = tonumber(null)
TestTerraformConfluentPlatformSinglenodeExample 2022-08-01T17:52:11Z logger.go:66:       "servicePorts" = tolist(null) /* of object */
TestTerraformConfluentPlatformSinglenodeExample 2022-08-01T17:52:11Z logger.go:66:       "sessionAffinity" = tostring(null)
TestTerraformConfluentPlatformSinglenodeExample 2022-08-01T17:52:11Z logger.go:66:       "sessionAffinityConfig" = {
TestTerraformConfluentPlatformSinglenodeExample 2022-08-01T17:52:11Z logger.go:66:         "clientIP" = {
TestTerraformConfluentPlatformSinglenodeExample 2022-08-01T17:52:11Z logger.go:66:           "timeoutSeconds" = tonumber(null)
TestTerraformConfluentPlatformSinglenodeExample 2022-08-01T17:52:11Z logger.go:66:         }
TestTerraformConfluentPlatformSinglenodeExample 2022-08-01T17:52:11Z logger.go:66:       }
TestTerraformConfluentPlatformSinglenodeExample 2022-08-01T17:52:11Z logger.go:66:     }
TestTerraformConfluentPlatformSinglenodeExample 2022-08-01T17:52:11Z logger.go:66:     "route" = {
TestTerraformConfluentPlatformSinglenodeExample 2022-08-01T17:52:11Z logger.go:66:       "annotations" = tomap(null) /* of string */
TestTerraformConfluentPlatformSinglenodeExample 2022-08-01T17:52:11Z logger.go:66:       "domain" = tostring(null)
TestTerraformConfluentPlatformSinglenodeExample 2022-08-01T17:52:11Z logger.go:66:       "labels" = tomap(null) /* of string */
TestTerraformConfluentPlatformSinglenodeExample 2022-08-01T17:52:11Z logger.go:66:       "prefix" = tostring(null)
TestTerraformConfluentPlatformSinglenodeExample 2022-08-01T17:52:11Z logger.go:66:       "wildcardPolicy" = tostring(null)
TestTerraformConfluentPlatformSinglenodeExample 2022-08-01T17:52:11Z logger.go:66:     }
TestTerraformConfluentPlatformSinglenodeExample 2022-08-01T17:52:11Z logger.go:66:     "type" = tostring(null)
TestTerraformConfluentPlatformSinglenodeExample 2022-08-01T17:52:11Z logger.go:66:   }
TestTerraformConfluentPlatformSinglenodeExample 2022-08-01T17:52:11Z logger.go:66:   "headlessService" = {
TestTerraformConfluentPlatformSinglenodeExample 2022-08-01T17:52:11Z logger.go:66:     "annotations" = tomap(null) /* of string */
TestTerraformConfluentPlatformSinglenodeExample 2022-08-01T17:52:11Z logger.go:66:     "labels" = tomap(null) /* of string */
TestTerraformConfluentPlatformSinglenodeExample 2022-08-01T17:52:11Z logger.go:66:     "publishNotReadyAddresses" = tobool(null)
TestTerraformConfluentPlatformSinglenodeExample 2022-08-01T17:52:11Z logger.go:66:   }
TestTerraformConfluentPlatformSinglenodeExample 2022-08-01T17:52:11Z logger.go:66:   "image" = {
TestTerraformConfluentPlatformSinglenodeExample 2022-08-01T17:52:11Z logger.go:66:     "application" = "confluentinc/cp-server-connect:7.2.0"
TestTerraformConfluentPlatformSinglenodeExample 2022-08-01T17:52:11Z logger.go:66:     "init" = "confluentinc/confluent-init-container:2.4.0"
TestTerraformConfluentPlatformSinglenodeExample 2022-08-01T17:52:11Z logger.go:66:     "pullPolicy" = tostring(null)
TestTerraformConfluentPlatformSinglenodeExample 2022-08-01T17:52:11Z logger.go:66:     "pullSecretRef" = tolist(null) /* of string */
TestTerraformConfluentPlatformSinglenodeExample 2022-08-01T17:52:11Z logger.go:66:   }
TestTerraformConfluentPlatformSinglenodeExample 2022-08-01T17:52:11Z logger.go:66:   "injectAnnotations" = tomap(null) /* of string */
TestTerraformConfluentPlatformSinglenodeExample 2022-08-01T17:52:11Z logger.go:66:   "injectLabels" = tomap(null) /* of string */
TestTerraformConfluentPlatformSinglenodeExample 2022-08-01T17:52:11Z logger.go:66:   "internalTopicReplicationFactor" = tonumber(null)
TestTerraformConfluentPlatformSinglenodeExample 2022-08-01T17:52:11Z logger.go:66:   "k8sClusterDomain" = tostring(null)
TestTerraformConfluentPlatformSinglenodeExample 2022-08-01T17:52:11Z logger.go:66:   "keyConverterType" = tostring(null)
TestTerraformConfluentPlatformSinglenodeExample 2022-08-01T17:52:11Z logger.go:66:   "license" = {
TestTerraformConfluentPlatformSinglenodeExample 2022-08-01T17:52:11Z logger.go:66:     "directoryPathInContainer" = tostring(null)
TestTerraformConfluentPlatformSinglenodeExample 2022-08-01T17:52:11Z logger.go:66:     "globalLicense" = tobool(null)
TestTerraformConfluentPlatformSinglenodeExample 2022-08-01T17:52:11Z logger.go:66:     "secretRef" = tostring(null)
TestTerraformConfluentPlatformSinglenodeExample 2022-08-01T17:52:11Z logger.go:66:   }
TestTerraformConfluentPlatformSinglenodeExample 2022-08-01T17:52:11Z logger.go:66:   "metrics" = {
TestTerraformConfluentPlatformSinglenodeExample 2022-08-01T17:52:11Z logger.go:66:     "authentication" = {
TestTerraformConfluentPlatformSinglenodeExample 2022-08-01T17:52:11Z logger.go:66:       "type" = tostring(null)
TestTerraformConfluentPlatformSinglenodeExample 2022-08-01T17:52:11Z logger.go:66:     }
TestTerraformConfluentPlatformSinglenodeExample 2022-08-01T17:52:11Z logger.go:66:     "prometheus" = {
TestTerraformConfluentPlatformSinglenodeExample 2022-08-01T17:52:11Z logger.go:66:       "blacklist" = tolist(null) /* of string */
TestTerraformConfluentPlatformSinglenodeExample 2022-08-01T17:52:11Z logger.go:66:       "rules" = tolist(null) /* of object */
TestTerraformConfluentPlatformSinglenodeExample 2022-08-01T17:52:11Z logger.go:66:       "whitelist" = tolist(null) /* of string */
TestTerraformConfluentPlatformSinglenodeExample 2022-08-01T17:52:11Z logger.go:66:     }
TestTerraformConfluentPlatformSinglenodeExample 2022-08-01T17:52:11Z logger.go:66:     "tls" = {
TestTerraformConfluentPlatformSinglenodeExample 2022-08-01T17:52:11Z logger.go:66:       "directoryPathInContainer" = tostring(null)
TestTerraformConfluentPlatformSinglenodeExample 2022-08-01T17:52:11Z logger.go:66:       "enabled" = tobool(null)
TestTerraformConfluentPlatformSinglenodeExample 2022-08-01T17:52:11Z logger.go:66:       "ignoreTrustStoreConfig" = tobool(null)
TestTerraformConfluentPlatformSinglenodeExample 2022-08-01T17:52:11Z logger.go:66:       "jksPassword" = {
TestTerraformConfluentPlatformSinglenodeExample 2022-08-01T17:52:11Z logger.go:66:         "secretRef" = tostring(null)
TestTerraformConfluentPlatformSinglenodeExample 2022-08-01T17:52:11Z logger.go:66:       }
TestTerraformConfluentPlatformSinglenodeExample 2022-08-01T17:52:11Z logger.go:66:       "secretRef" = tostring(null)
TestTerraformConfluentPlatformSinglenodeExample 2022-08-01T17:52:11Z logger.go:66:     }
TestTerraformConfluentPlatformSinglenodeExample 2022-08-01T17:52:11Z logger.go:66:   }
TestTerraformConfluentPlatformSinglenodeExample 2022-08-01T17:52:11Z logger.go:66:   "mountedSecrets" = tolist(null) /* of object */
TestTerraformConfluentPlatformSinglenodeExample 2022-08-01T17:52:11Z logger.go:66:   "mountedVolumes" = {
TestTerraformConfluentPlatformSinglenodeExample 2022-08-01T17:52:11Z logger.go:66:     "volumeMounts" = tolist(null) /* of object */
TestTerraformConfluentPlatformSinglenodeExample 2022-08-01T17:52:11Z logger.go:66:     "volumes" = null /* tuple */
TestTerraformConfluentPlatformSinglenodeExample 2022-08-01T17:52:11Z logger.go:66:   }
TestTerraformConfluentPlatformSinglenodeExample 2022-08-01T17:52:11Z logger.go:66:   "oneReplicaPerNode" = tobool(null)
TestTerraformConfluentPlatformSinglenodeExample 2022-08-01T17:52:11Z logger.go:66:   "podTemplate" = {
TestTerraformConfluentPlatformSinglenodeExample 2022-08-01T17:52:11Z logger.go:66:     "affinity" = {
TestTerraformConfluentPlatformSinglenodeExample 2022-08-01T17:52:11Z logger.go:66:       "nodeAffinity" = {
TestTerraformConfluentPlatformSinglenodeExample 2022-08-01T17:52:11Z logger.go:66:         "preferredDuringSchedulingIgnoredDuringExecution" = tolist(null) /* of object */
TestTerraformConfluentPlatformSinglenodeExample 2022-08-01T17:52:11Z logger.go:66:         "requiredDuringSchedulingIgnoredDuringExecution" = {
TestTerraformConfluentPlatformSinglenodeExample 2022-08-01T17:52:11Z logger.go:66:           "nodeSelectorTerms" = tolist(null) /* of object */
TestTerraformConfluentPlatformSinglenodeExample 2022-08-01T17:52:11Z logger.go:66:         }
TestTerraformConfluentPlatformSinglenodeExample 2022-08-01T17:52:11Z logger.go:66:       }
TestTerraformConfluentPlatformSinglenodeExample 2022-08-01T17:52:11Z logger.go:66:       "podAffinity" = {
TestTerraformConfluentPlatformSinglenodeExample 2022-08-01T17:52:11Z logger.go:66:         "preferredDuringSchedulingIgnoredDuringExecution" = tolist(null) /* of object */
TestTerraformConfluentPlatformSinglenodeExample 2022-08-01T17:52:11Z logger.go:66:         "requiredDuringSchedulingIgnoredDuringExecution" = tolist(null) /* of object */
TestTerraformConfluentPlatformSinglenodeExample 2022-08-01T17:52:11Z logger.go:66:       }
TestTerraformConfluentPlatformSinglenodeExample 2022-08-01T17:52:11Z logger.go:66:       "podAntiAffinity" = {
TestTerraformConfluentPlatformSinglenodeExample 2022-08-01T17:52:11Z logger.go:66:         "preferredDuringSchedulingIgnoredDuringExecution" = tolist(null) /* of object */
TestTerraformConfluentPlatformSinglenodeExample 2022-08-01T17:52:11Z logger.go:66:         "requiredDuringSchedulingIgnoredDuringExecution" = tolist(null) /* of object */
TestTerraformConfluentPlatformSinglenodeExample 2022-08-01T17:52:11Z logger.go:66:       }
TestTerraformConfluentPlatformSinglenodeExample 2022-08-01T17:52:11Z logger.go:66:     }
TestTerraformConfluentPlatformSinglenodeExample 2022-08-01T17:52:11Z logger.go:66:     "annotations" = tomap(null) /* of string */
TestTerraformConfluentPlatformSinglenodeExample 2022-08-01T17:52:11Z logger.go:66:     "envVars" = tolist(null) /* of object */
TestTerraformConfluentPlatformSinglenodeExample 2022-08-01T17:52:11Z logger.go:66:     "labels" = tomap(null) /* of string */
TestTerraformConfluentPlatformSinglenodeExample 2022-08-01T17:52:11Z logger.go:66:     "podSecurityContext" = {
TestTerraformConfluentPlatformSinglenodeExample 2022-08-01T17:52:11Z logger.go:66:       "fsGroup" = 1000
TestTerraformConfluentPlatformSinglenodeExample 2022-08-01T17:52:11Z logger.go:66:       "fsGroupChangePolicy" = tostring(null)
TestTerraformConfluentPlatformSinglenodeExample 2022-08-01T17:52:11Z logger.go:66:       "runAsGroup" = tonumber(null)
TestTerraformConfluentPlatformSinglenodeExample 2022-08-01T17:52:11Z logger.go:66:       "runAsNonRoot" = true
TestTerraformConfluentPlatformSinglenodeExample 2022-08-01T17:52:11Z logger.go:66:       "runAsUser" = 1000
TestTerraformConfluentPlatformSinglenodeExample 2022-08-01T17:52:11Z logger.go:66:       "seLinuxOptions" = {
TestTerraformConfluentPlatformSinglenodeExample 2022-08-01T17:52:11Z logger.go:66:         "level" = tostring(null)
TestTerraformConfluentPlatformSinglenodeExample 2022-08-01T17:52:11Z logger.go:66:         "role" = tostring(null)
TestTerraformConfluentPlatformSinglenodeExample 2022-08-01T17:52:11Z logger.go:66:         "type" = tostring(null)
TestTerraformConfluentPlatformSinglenodeExample 2022-08-01T17:52:11Z logger.go:66:         "user" = tostring(null)
TestTerraformConfluentPlatformSinglenodeExample 2022-08-01T17:52:11Z logger.go:66:       }
TestTerraformConfluentPlatformSinglenodeExample 2022-08-01T17:52:11Z logger.go:66:       "seccompProfile" = {
TestTerraformConfluentPlatformSinglenodeExample 2022-08-01T17:52:11Z logger.go:66:         "localhostProfile" = tostring(null)
TestTerraformConfluentPlatformSinglenodeExample 2022-08-01T17:52:11Z logger.go:66:         "type" = tostring(null)
TestTerraformConfluentPlatformSinglenodeExample 2022-08-01T17:52:11Z logger.go:66:       }
TestTerraformConfluentPlatformSinglenodeExample 2022-08-01T17:52:11Z logger.go:66:       "supplementalGroups" = tolist(null) /* of number */
TestTerraformConfluentPlatformSinglenodeExample 2022-08-01T17:52:11Z logger.go:66:       "sysctls" = tolist(null) /* of object */
TestTerraformConfluentPlatformSinglenodeExample 2022-08-01T17:52:11Z logger.go:66:       "windowsOptions" = {
TestTerraformConfluentPlatformSinglenodeExample 2022-08-01T17:52:11Z logger.go:66:         "gmsaCredentialSpec" = tostring(null)
TestTerraformConfluentPlatformSinglenodeExample 2022-08-01T17:52:11Z logger.go:66:         "gmsaCredentialSpecName" = tostring(null)
TestTerraformConfluentPlatformSinglenodeExample 2022-08-01T17:52:11Z logger.go:66:         "hostProcess" = tobool(null)
TestTerraformConfluentPlatformSinglenodeExample 2022-08-01T17:52:11Z logger.go:66:         "runAsUserName" = tostring(null)
TestTerraformConfluentPlatformSinglenodeExample 2022-08-01T17:52:11Z logger.go:66:       }
TestTerraformConfluentPlatformSinglenodeExample 2022-08-01T17:52:11Z logger.go:66:     }
TestTerraformConfluentPlatformSinglenodeExample 2022-08-01T17:52:11Z logger.go:66:     "priorityClassName" = tostring(null)
TestTerraformConfluentPlatformSinglenodeExample 2022-08-01T17:52:11Z logger.go:66:     "probe" = {
TestTerraformConfluentPlatformSinglenodeExample 2022-08-01T17:52:11Z logger.go:66:       "liveness" = {
TestTerraformConfluentPlatformSinglenodeExample 2022-08-01T17:52:11Z logger.go:66:         "failureThreshold" = 5
TestTerraformConfluentPlatformSinglenodeExample 2022-08-01T17:52:11Z logger.go:66:         "initialDelaySeconds" = tonumber(null)
TestTerraformConfluentPlatformSinglenodeExample 2022-08-01T17:52:11Z logger.go:66:         "periodSeconds" = 10
TestTerraformConfluentPlatformSinglenodeExample 2022-08-01T17:52:11Z logger.go:66:         "successThreshold" = tonumber(null)
TestTerraformConfluentPlatformSinglenodeExample 2022-08-01T17:52:11Z logger.go:66:         "timeoutSeconds" = 500
TestTerraformConfluentPlatformSinglenodeExample 2022-08-01T17:52:11Z logger.go:66:       }
TestTerraformConfluentPlatformSinglenodeExample 2022-08-01T17:52:11Z logger.go:66:       "readiness" = {
TestTerraformConfluentPlatformSinglenodeExample 2022-08-01T17:52:11Z logger.go:66:         "failureThreshold" = tonumber(null)
TestTerraformConfluentPlatformSinglenodeExample 2022-08-01T17:52:11Z logger.go:66:         "initialDelaySeconds" = tonumber(null)
TestTerraformConfluentPlatformSinglenodeExample 2022-08-01T17:52:11Z logger.go:66:         "periodSeconds" = tonumber(null)
TestTerraformConfluentPlatformSinglenodeExample 2022-08-01T17:52:11Z logger.go:66:         "successThreshold" = tonumber(null)
TestTerraformConfluentPlatformSinglenodeExample 2022-08-01T17:52:11Z logger.go:66:         "timeoutSeconds" = tonumber(null)
TestTerraformConfluentPlatformSinglenodeExample 2022-08-01T17:52:11Z logger.go:66:       }
TestTerraformConfluentPlatformSinglenodeExample 2022-08-01T17:52:11Z logger.go:66:     }
TestTerraformConfluentPlatformSinglenodeExample 2022-08-01T17:52:11Z logger.go:66:     "resources" = {
TestTerraformConfluentPlatformSinglenodeExample 2022-08-01T17:52:11Z logger.go:66:       "limits" = tomap(null) /* of string */
TestTerraformConfluentPlatformSinglenodeExample 2022-08-01T17:52:11Z logger.go:66:       "requests" = tomap({
TestTerraformConfluentPlatformSinglenodeExample 2022-08-01T17:52:11Z logger.go:66:         "cpu" = "100m"
TestTerraformConfluentPlatformSinglenodeExample 2022-08-01T17:52:11Z logger.go:66:         "memory" = "256Mi"
TestTerraformConfluentPlatformSinglenodeExample 2022-08-01T17:52:11Z logger.go:66:       })
TestTerraformConfluentPlatformSinglenodeExample 2022-08-01T17:52:11Z logger.go:66:     }
TestTerraformConfluentPlatformSinglenodeExample 2022-08-01T17:52:11Z logger.go:66:     "securityContext" = {
TestTerraformConfluentPlatformSinglenodeExample 2022-08-01T17:52:11Z logger.go:66:       "allowPrivilegeEscalation" = tobool(null)
TestTerraformConfluentPlatformSinglenodeExample 2022-08-01T17:52:11Z logger.go:66:       "capabilities" = {
TestTerraformConfluentPlatformSinglenodeExample 2022-08-01T17:52:11Z logger.go:66:         "add" = tolist(null) /* of string */
TestTerraformConfluentPlatformSinglenodeExample 2022-08-01T17:52:11Z logger.go:66:         "drop" = tolist(null) /* of string */
TestTerraformConfluentPlatformSinglenodeExample 2022-08-01T17:52:11Z logger.go:66:       }
TestTerraformConfluentPlatformSinglenodeExample 2022-08-01T17:52:11Z logger.go:66:       "privileged" = tobool(null)
TestTerraformConfluentPlatformSinglenodeExample 2022-08-01T17:52:11Z logger.go:66:       "procMount" = tostring(null)
TestTerraformConfluentPlatformSinglenodeExample 2022-08-01T17:52:11Z logger.go:66:       "readOnlyRootFilesystem" = tobool(null)
TestTerraformConfluentPlatformSinglenodeExample 2022-08-01T17:52:11Z logger.go:66:       "runAsGroup" = tonumber(null)
TestTerraformConfluentPlatformSinglenodeExample 2022-08-01T17:52:11Z logger.go:66:       "runAsNonRoot" = tobool(null)
TestTerraformConfluentPlatformSinglenodeExample 2022-08-01T17:52:11Z logger.go:66:       "runAsUser" = tonumber(null)
TestTerraformConfluentPlatformSinglenodeExample 2022-08-01T17:52:11Z logger.go:66:       "seLinuxOptions" = {
TestTerraformConfluentPlatformSinglenodeExample 2022-08-01T17:52:11Z logger.go:66:         "level" = tostring(null)
TestTerraformConfluentPlatformSinglenodeExample 2022-08-01T17:52:11Z logger.go:66:         "role" = tostring(null)
TestTerraformConfluentPlatformSinglenodeExample 2022-08-01T17:52:11Z logger.go:66:         "type" = tostring(null)
TestTerraformConfluentPlatformSinglenodeExample 2022-08-01T17:52:11Z logger.go:66:         "user" = tostring(null)
TestTerraformConfluentPlatformSinglenodeExample 2022-08-01T17:52:11Z logger.go:66:       }
TestTerraformConfluentPlatformSinglenodeExample 2022-08-01T17:52:11Z logger.go:66:       "seccompProfile" = {
TestTerraformConfluentPlatformSinglenodeExample 2022-08-01T17:52:11Z logger.go:66:         "localhostProfile" = tostring(null)
TestTerraformConfluentPlatformSinglenodeExample 2022-08-01T17:52:11Z logger.go:66:         "type" = tostring(null)
TestTerraformConfluentPlatformSinglenodeExample 2022-08-01T17:52:11Z logger.go:66:       }
TestTerraformConfluentPlatformSinglenodeExample 2022-08-01T17:52:11Z logger.go:66:       "windowsOptions" = {
TestTerraformConfluentPlatformSinglenodeExample 2022-08-01T17:52:11Z logger.go:66:         "gmsaCredentialSpec" = tostring(null)
TestTerraformConfluentPlatformSinglenodeExample 2022-08-01T17:52:11Z logger.go:66:         "gmsaCredentialSpecName" = tostring(null)
TestTerraformConfluentPlatformSinglenodeExample 2022-08-01T17:52:11Z logger.go:66:         "hostProcess" = tobool(null)
TestTerraformConfluentPlatformSinglenodeExample 2022-08-01T17:52:11Z logger.go:66:         "runAsUserName" = tostring(null)
TestTerraformConfluentPlatformSinglenodeExample 2022-08-01T17:52:11Z logger.go:66:       }
TestTerraformConfluentPlatformSinglenodeExample 2022-08-01T17:52:11Z logger.go:66:     }
TestTerraformConfluentPlatformSinglenodeExample 2022-08-01T17:52:11Z logger.go:66:     "serviceAccountName" = tostring(null)
TestTerraformConfluentPlatformSinglenodeExample 2022-08-01T17:52:11Z logger.go:66:     "terminationGracePeriodSeconds" = tonumber(null)
TestTerraformConfluentPlatformSinglenodeExample 2022-08-01T17:52:11Z logger.go:66:     "tolerations" = tolist(null) /* of object */
TestTerraformConfluentPlatformSinglenodeExample 2022-08-01T17:52:11Z logger.go:66:     "topologySpreadConstraints" = tolist(null) /* of object */
TestTerraformConfluentPlatformSinglenodeExample 2022-08-01T17:52:11Z logger.go:66:   }
TestTerraformConfluentPlatformSinglenodeExample 2022-08-01T17:52:11Z logger.go:66:   "replicas" = 1
TestTerraformConfluentPlatformSinglenodeExample 2022-08-01T17:52:11Z logger.go:66:   "telemetry" = {
TestTerraformConfluentPlatformSinglenodeExample 2022-08-01T17:52:11Z logger.go:66:     "global" = tobool(null)
TestTerraformConfluentPlatformSinglenodeExample 2022-08-01T17:52:11Z logger.go:66:   }
TestTerraformConfluentPlatformSinglenodeExample 2022-08-01T17:52:11Z logger.go:66:   "tls" = {
TestTerraformConfluentPlatformSinglenodeExample 2022-08-01T17:52:11Z logger.go:66:     "autoGeneratedCerts" = tobool(null)
TestTerraformConfluentPlatformSinglenodeExample 2022-08-01T17:52:11Z logger.go:66:     "directoryPathInContainer" = tostring(null)
TestTerraformConfluentPlatformSinglenodeExample 2022-08-01T17:52:11Z logger.go:66:     "ignoreTrustStoreConfig" = tobool(null)
TestTerraformConfluentPlatformSinglenodeExample 2022-08-01T17:52:11Z logger.go:66:     "jksPassword" = {
TestTerraformConfluentPlatformSinglenodeExample 2022-08-01T17:52:11Z logger.go:66:       "secretRef" = tostring(null)
TestTerraformConfluentPlatformSinglenodeExample 2022-08-01T17:52:11Z logger.go:66:     }
TestTerraformConfluentPlatformSinglenodeExample 2022-08-01T17:52:11Z logger.go:66:     "secretRef" = tostring(null)
TestTerraformConfluentPlatformSinglenodeExample 2022-08-01T17:52:11Z logger.go:66:   }
TestTerraformConfluentPlatformSinglenodeExample 2022-08-01T17:52:11Z logger.go:66:   "valueConverterType" = tostring(null)
TestTerraformConfluentPlatformSinglenodeExample 2022-08-01T17:52:11Z logger.go:66: }
TestTerraformConfluentPlatformSinglenodeExample 2022-08-01T17:52:11Z logger.go:66: controlcenter = {
TestTerraformConfluentPlatformSinglenodeExample 2022-08-01T17:52:11Z logger.go:66:   "authentication" = {
TestTerraformConfluentPlatformSinglenodeExample 2022-08-01T17:52:11Z logger.go:66:     "basic" = {
TestTerraformConfluentPlatformSinglenodeExample 2022-08-01T17:52:11Z logger.go:66:       "debug" = tobool(null)
TestTerraformConfluentPlatformSinglenodeExample 2022-08-01T17:52:11Z logger.go:66:       "directoryPathInContainer" = tostring(null)
TestTerraformConfluentPlatformSinglenodeExample 2022-08-01T17:52:11Z logger.go:66:       "restrictedRoles" = tolist(null) /* of string */
TestTerraformConfluentPlatformSinglenodeExample 2022-08-01T17:52:11Z logger.go:66:       "roles" = tolist(null) /* of string */
TestTerraformConfluentPlatformSinglenodeExample 2022-08-01T17:52:11Z logger.go:66:       "secretRef" = tostring(null)
TestTerraformConfluentPlatformSinglenodeExample 2022-08-01T17:52:11Z logger.go:66:     }
TestTerraformConfluentPlatformSinglenodeExample 2022-08-01T17:52:11Z logger.go:66:     "ldap" = {
TestTerraformConfluentPlatformSinglenodeExample 2022-08-01T17:52:11Z logger.go:66:       "debug" = tobool(null)
TestTerraformConfluentPlatformSinglenodeExample 2022-08-01T17:52:11Z logger.go:66:       "property" = tomap(null) /* of string */
TestTerraformConfluentPlatformSinglenodeExample 2022-08-01T17:52:11Z logger.go:66:       "restrictedRoles" = tolist(null) /* of string */
TestTerraformConfluentPlatformSinglenodeExample 2022-08-01T17:52:11Z logger.go:66:       "roles" = tolist(null) /* of string */
TestTerraformConfluentPlatformSinglenodeExample 2022-08-01T17:52:11Z logger.go:66:       "secretRef" = tostring(null)
TestTerraformConfluentPlatformSinglenodeExample 2022-08-01T17:52:11Z logger.go:66:     }
TestTerraformConfluentPlatformSinglenodeExample 2022-08-01T17:52:11Z logger.go:66:     "type" = tostring(null)
TestTerraformConfluentPlatformSinglenodeExample 2022-08-01T17:52:11Z logger.go:66:   }
TestTerraformConfluentPlatformSinglenodeExample 2022-08-01T17:52:11Z logger.go:66:   "authorization" = {
TestTerraformConfluentPlatformSinglenodeExample 2022-08-01T17:52:11Z logger.go:66:     "kafkaRestClassRef" = {
TestTerraformConfluentPlatformSinglenodeExample 2022-08-01T17:52:11Z logger.go:66:       "name" = tostring(null)
TestTerraformConfluentPlatformSinglenodeExample 2022-08-01T17:52:11Z logger.go:66:       "namespace" = tostring(null)
TestTerraformConfluentPlatformSinglenodeExample 2022-08-01T17:52:11Z logger.go:66:     }
TestTerraformConfluentPlatformSinglenodeExample 2022-08-01T17:52:11Z logger.go:66:     "type" = tostring(null)
TestTerraformConfluentPlatformSinglenodeExample 2022-08-01T17:52:11Z logger.go:66:   }
TestTerraformConfluentPlatformSinglenodeExample 2022-08-01T17:52:11Z logger.go:66:   "configOverrides" = {
TestTerraformConfluentPlatformSinglenodeExample 2022-08-01T17:52:11Z logger.go:66:     "jvm" = tolist(null) /* of string */
TestTerraformConfluentPlatformSinglenodeExample 2022-08-01T17:52:11Z logger.go:66:     "log4j" = tolist(null) /* of string */
TestTerraformConfluentPlatformSinglenodeExample 2022-08-01T17:52:11Z logger.go:66:     "server" = tolist([
TestTerraformConfluentPlatformSinglenodeExample 2022-08-01T17:52:11Z logger.go:66:       "confluent.controlcenter.command.topic.replication=1",
TestTerraformConfluentPlatformSinglenodeExample 2022-08-01T17:52:11Z logger.go:66:       "confluent.controlcenter.replication.factor=1",
TestTerraformConfluentPlatformSinglenodeExample 2022-08-01T17:52:11Z logger.go:66:       "confluent.metrics.reporter.topic.replicas=1",
TestTerraformConfluentPlatformSinglenodeExample 2022-08-01T17:52:11Z logger.go:66:       "confluent.metrics.topic.replication=1",
TestTerraformConfluentPlatformSinglenodeExample 2022-08-01T17:52:11Z logger.go:66:       "confluent.monitoring.interceptor.topic.replication=1",
TestTerraformConfluentPlatformSinglenodeExample 2022-08-01T17:52:11Z logger.go:66:       "confluent.controlcenter.internal.topics.replication=1",
TestTerraformConfluentPlatformSinglenodeExample 2022-08-01T17:52:11Z logger.go:66:     ])
TestTerraformConfluentPlatformSinglenodeExample 2022-08-01T17:52:11Z logger.go:66:   }
TestTerraformConfluentPlatformSinglenodeExample 2022-08-01T17:52:11Z logger.go:66:   "dataVolumeCapacity" = "10Gi"
TestTerraformConfluentPlatformSinglenodeExample 2022-08-01T17:52:11Z logger.go:66:   "dependencies" = {
TestTerraformConfluentPlatformSinglenodeExample 2022-08-01T17:52:11Z logger.go:66:     "connect" = tolist([
TestTerraformConfluentPlatformSinglenodeExample 2022-08-01T17:52:11Z logger.go:66:       {
TestTerraformConfluentPlatformSinglenodeExample 2022-08-01T17:52:11Z logger.go:66:         "authentication" = {
TestTerraformConfluentPlatformSinglenodeExample 2022-08-01T17:52:11Z logger.go:66:           "basic" = {
TestTerraformConfluentPlatformSinglenodeExample 2022-08-01T17:52:11Z logger.go:66:             "debug" = tobool(null)
TestTerraformConfluentPlatformSinglenodeExample 2022-08-01T17:52:11Z logger.go:66:             "directoryPathInContainer" = tostring(null)
TestTerraformConfluentPlatformSinglenodeExample 2022-08-01T17:52:11Z logger.go:66:             "restrictedRoles" = tolist(null) /* of string */
TestTerraformConfluentPlatformSinglenodeExample 2022-08-01T17:52:11Z logger.go:66:             "roles" = tolist(null) /* of string */
TestTerraformConfluentPlatformSinglenodeExample 2022-08-01T17:52:11Z logger.go:66:             "secretRef" = tostring(null)
TestTerraformConfluentPlatformSinglenodeExample 2022-08-01T17:52:11Z logger.go:66:           }
TestTerraformConfluentPlatformSinglenodeExample 2022-08-01T17:52:11Z logger.go:66:           "type" = tostring(null)
TestTerraformConfluentPlatformSinglenodeExample 2022-08-01T17:52:11Z logger.go:66:         }
TestTerraformConfluentPlatformSinglenodeExample 2022-08-01T17:52:11Z logger.go:66:         "name" = "connect-dev"
TestTerraformConfluentPlatformSinglenodeExample 2022-08-01T17:52:11Z logger.go:66:         "tls" = {
TestTerraformConfluentPlatformSinglenodeExample 2022-08-01T17:52:11Z logger.go:66:           "directoryPathInContainer" = tostring(null)
TestTerraformConfluentPlatformSinglenodeExample 2022-08-01T17:52:11Z logger.go:66:           "enabled" = tobool(null)
TestTerraformConfluentPlatformSinglenodeExample 2022-08-01T17:52:11Z logger.go:66:           "ignoreTrustStoreConfig" = tobool(null)
TestTerraformConfluentPlatformSinglenodeExample 2022-08-01T17:52:11Z logger.go:66:           "jksPassword" = {
TestTerraformConfluentPlatformSinglenodeExample 2022-08-01T17:52:11Z logger.go:66:             "secretRef" = tostring(null)
TestTerraformConfluentPlatformSinglenodeExample 2022-08-01T17:52:11Z logger.go:66:           }
TestTerraformConfluentPlatformSinglenodeExample 2022-08-01T17:52:11Z logger.go:66:           "secretRef" = tostring(null)
TestTerraformConfluentPlatformSinglenodeExample 2022-08-01T17:52:11Z logger.go:66:         }
TestTerraformConfluentPlatformSinglenodeExample 2022-08-01T17:52:11Z logger.go:66:         "url" = "http://connect.confluent.svc.cluster.local:8083"
TestTerraformConfluentPlatformSinglenodeExample 2022-08-01T17:52:11Z logger.go:66:       },
TestTerraformConfluentPlatformSinglenodeExample 2022-08-01T17:52:11Z logger.go:66:     ])
TestTerraformConfluentPlatformSinglenodeExample 2022-08-01T17:52:11Z logger.go:66:     "kafka" = {
TestTerraformConfluentPlatformSinglenodeExample 2022-08-01T17:52:11Z logger.go:66:       "authentication" = {
TestTerraformConfluentPlatformSinglenodeExample 2022-08-01T17:52:11Z logger.go:66:         "jaasConfig" = {
TestTerraformConfluentPlatformSinglenodeExample 2022-08-01T17:52:11Z logger.go:66:           "secretRef" = tostring(null)
TestTerraformConfluentPlatformSinglenodeExample 2022-08-01T17:52:11Z logger.go:66:         }
TestTerraformConfluentPlatformSinglenodeExample 2022-08-01T17:52:11Z logger.go:66:         "jaasConfigPassThrough" = {
TestTerraformConfluentPlatformSinglenodeExample 2022-08-01T17:52:11Z logger.go:66:           "directoryPathInContainer" = tostring(null)
TestTerraformConfluentPlatformSinglenodeExample 2022-08-01T17:52:11Z logger.go:66:           "secretRef" = tostring(null)
TestTerraformConfluentPlatformSinglenodeExample 2022-08-01T17:52:11Z logger.go:66:         }
TestTerraformConfluentPlatformSinglenodeExample 2022-08-01T17:52:11Z logger.go:66:         "oauthbearer" = {
TestTerraformConfluentPlatformSinglenodeExample 2022-08-01T17:52:11Z logger.go:66:           "directoryPathInContainer" = tostring(null)
TestTerraformConfluentPlatformSinglenodeExample 2022-08-01T17:52:11Z logger.go:66:           "secretRef" = tostring(null)
TestTerraformConfluentPlatformSinglenodeExample 2022-08-01T17:52:11Z logger.go:66:         }
TestTerraformConfluentPlatformSinglenodeExample 2022-08-01T17:52:11Z logger.go:66:         "type" = tostring(null)
TestTerraformConfluentPlatformSinglenodeExample 2022-08-01T17:52:11Z logger.go:66:       }
TestTerraformConfluentPlatformSinglenodeExample 2022-08-01T17:52:11Z logger.go:66:       "bootstrapEndpoint" = tostring(null)
TestTerraformConfluentPlatformSinglenodeExample 2022-08-01T17:52:11Z logger.go:66:       "discovery" = {
TestTerraformConfluentPlatformSinglenodeExample 2022-08-01T17:52:11Z logger.go:66:         "name" = tostring(null)
TestTerraformConfluentPlatformSinglenodeExample 2022-08-01T17:52:11Z logger.go:66:         "namespace" = tostring(null)
TestTerraformConfluentPlatformSinglenodeExample 2022-08-01T17:52:11Z logger.go:66:         "secretRef" = tostring(null)
TestTerraformConfluentPlatformSinglenodeExample 2022-08-01T17:52:11Z logger.go:66:       }
TestTerraformConfluentPlatformSinglenodeExample 2022-08-01T17:52:11Z logger.go:66:       "tls" = {
TestTerraformConfluentPlatformSinglenodeExample 2022-08-01T17:52:11Z logger.go:66:         "directoryPathInContainer" = tostring(null)
TestTerraformConfluentPlatformSinglenodeExample 2022-08-01T17:52:11Z logger.go:66:         "enabled" = tobool(null)
TestTerraformConfluentPlatformSinglenodeExample 2022-08-01T17:52:11Z logger.go:66:         "ignoreTrustStoreConfig" = tobool(null)
TestTerraformConfluentPlatformSinglenodeExample 2022-08-01T17:52:11Z logger.go:66:         "jksPassword" = {
TestTerraformConfluentPlatformSinglenodeExample 2022-08-01T17:52:11Z logger.go:66:           "secretRef" = tostring(null)
TestTerraformConfluentPlatformSinglenodeExample 2022-08-01T17:52:11Z logger.go:66:         }
TestTerraformConfluentPlatformSinglenodeExample 2022-08-01T17:52:11Z logger.go:66:         "secretRef" = tostring(null)
TestTerraformConfluentPlatformSinglenodeExample 2022-08-01T17:52:11Z logger.go:66:       }
TestTerraformConfluentPlatformSinglenodeExample 2022-08-01T17:52:11Z logger.go:66:     }
TestTerraformConfluentPlatformSinglenodeExample 2022-08-01T17:52:11Z logger.go:66:     "ksqldb" = tolist([
TestTerraformConfluentPlatformSinglenodeExample 2022-08-01T17:52:11Z logger.go:66:       {
TestTerraformConfluentPlatformSinglenodeExample 2022-08-01T17:52:11Z logger.go:66:         "advertisedUrl" = tostring(null)
TestTerraformConfluentPlatformSinglenodeExample 2022-08-01T17:52:11Z logger.go:66:         "authentication" = {
TestTerraformConfluentPlatformSinglenodeExample 2022-08-01T17:52:11Z logger.go:66:           "basic" = {
TestTerraformConfluentPlatformSinglenodeExample 2022-08-01T17:52:11Z logger.go:66:             "debug" = tobool(null)
TestTerraformConfluentPlatformSinglenodeExample 2022-08-01T17:52:11Z logger.go:66:             "directoryPathInContainer" = tostring(null)
TestTerraformConfluentPlatformSinglenodeExample 2022-08-01T17:52:11Z logger.go:66:             "restrictedRoles" = tolist(null) /* of string */
TestTerraformConfluentPlatformSinglenodeExample 2022-08-01T17:52:11Z logger.go:66:             "roles" = tolist(null) /* of string */
TestTerraformConfluentPlatformSinglenodeExample 2022-08-01T17:52:11Z logger.go:66:             "secretRef" = tostring(null)
TestTerraformConfluentPlatformSinglenodeExample 2022-08-01T17:52:11Z logger.go:66:           }
TestTerraformConfluentPlatformSinglenodeExample 2022-08-01T17:52:11Z logger.go:66:           "type" = tostring(null)
TestTerraformConfluentPlatformSinglenodeExample 2022-08-01T17:52:11Z logger.go:66:         }
TestTerraformConfluentPlatformSinglenodeExample 2022-08-01T17:52:11Z logger.go:66:         "name" = "ksql-dev"
TestTerraformConfluentPlatformSinglenodeExample 2022-08-01T17:52:11Z logger.go:66:         "tls" = {
TestTerraformConfluentPlatformSinglenodeExample 2022-08-01T17:52:11Z logger.go:66:           "directoryPathInContainer" = tostring(null)
TestTerraformConfluentPlatformSinglenodeExample 2022-08-01T17:52:11Z logger.go:66:           "enabled" = tobool(null)
TestTerraformConfluentPlatformSinglenodeExample 2022-08-01T17:52:11Z logger.go:66:           "ignoreTrustStoreConfig" = tobool(null)
TestTerraformConfluentPlatformSinglenodeExample 2022-08-01T17:52:11Z logger.go:66:           "jksPassword" = {
TestTerraformConfluentPlatformSinglenodeExample 2022-08-01T17:52:11Z logger.go:66:             "secretRef" = tostring(null)
TestTerraformConfluentPlatformSinglenodeExample 2022-08-01T17:52:11Z logger.go:66:           }
TestTerraformConfluentPlatformSinglenodeExample 2022-08-01T17:52:11Z logger.go:66:           "secretRef" = tostring(null)
TestTerraformConfluentPlatformSinglenodeExample 2022-08-01T17:52:11Z logger.go:66:         }
TestTerraformConfluentPlatformSinglenodeExample 2022-08-01T17:52:11Z logger.go:66:         "url" = "http://ksqldb.confluent.svc.cluster.local:8088"
TestTerraformConfluentPlatformSinglenodeExample 2022-08-01T17:52:11Z logger.go:66:       },
TestTerraformConfluentPlatformSinglenodeExample 2022-08-01T17:52:11Z logger.go:66:     ])
TestTerraformConfluentPlatformSinglenodeExample 2022-08-01T17:52:11Z logger.go:66:     "mds" = {
TestTerraformConfluentPlatformSinglenodeExample 2022-08-01T17:52:11Z logger.go:66:       "authentication" = {
TestTerraformConfluentPlatformSinglenodeExample 2022-08-01T17:52:11Z logger.go:66:         "bearer" = {
TestTerraformConfluentPlatformSinglenodeExample 2022-08-01T17:52:11Z logger.go:66:           "directoryPathInContainer" = tostring(null)
TestTerraformConfluentPlatformSinglenodeExample 2022-08-01T17:52:11Z logger.go:66:           "secretRef" = tostring(null)
TestTerraformConfluentPlatformSinglenodeExample 2022-08-01T17:52:11Z logger.go:66:         }
TestTerraformConfluentPlatformSinglenodeExample 2022-08-01T17:52:11Z logger.go:66:         "type" = tostring(null)
TestTerraformConfluentPlatformSinglenodeExample 2022-08-01T17:52:11Z logger.go:66:       }
TestTerraformConfluentPlatformSinglenodeExample 2022-08-01T17:52:11Z logger.go:66:       "endpoint" = tostring(null)
TestTerraformConfluentPlatformSinglenodeExample 2022-08-01T17:52:11Z logger.go:66:       "tls" = {
TestTerraformConfluentPlatformSinglenodeExample 2022-08-01T17:52:11Z logger.go:66:         "directoryPathInContainer" = tostring(null)
TestTerraformConfluentPlatformSinglenodeExample 2022-08-01T17:52:11Z logger.go:66:         "enabled" = tobool(null)
TestTerraformConfluentPlatformSinglenodeExample 2022-08-01T17:52:11Z logger.go:66:         "ignoreTrustStoreConfig" = tobool(null)
TestTerraformConfluentPlatformSinglenodeExample 2022-08-01T17:52:11Z logger.go:66:         "jksPassword" = {
TestTerraformConfluentPlatformSinglenodeExample 2022-08-01T17:52:11Z logger.go:66:           "secretRef" = tostring(null)
TestTerraformConfluentPlatformSinglenodeExample 2022-08-01T17:52:11Z logger.go:66:         }
TestTerraformConfluentPlatformSinglenodeExample 2022-08-01T17:52:11Z logger.go:66:         "secretRef" = tostring(null)
TestTerraformConfluentPlatformSinglenodeExample 2022-08-01T17:52:11Z logger.go:66:       }
TestTerraformConfluentPlatformSinglenodeExample 2022-08-01T17:52:11Z logger.go:66:       "tokenKeyPair" = {
TestTerraformConfluentPlatformSinglenodeExample 2022-08-01T17:52:11Z logger.go:66:         "directoryPathInContainer" = tostring(null)
TestTerraformConfluentPlatformSinglenodeExample 2022-08-01T17:52:11Z logger.go:66:         "secretRef" = tostring(null)
TestTerraformConfluentPlatformSinglenodeExample 2022-08-01T17:52:11Z logger.go:66:       }
TestTerraformConfluentPlatformSinglenodeExample 2022-08-01T17:52:11Z logger.go:66:     }
TestTerraformConfluentPlatformSinglenodeExample 2022-08-01T17:52:11Z logger.go:66:     "schemaRegistry" = {
TestTerraformConfluentPlatformSinglenodeExample 2022-08-01T17:52:11Z logger.go:66:       "authentication" = {
TestTerraformConfluentPlatformSinglenodeExample 2022-08-01T17:52:11Z logger.go:66:         "basic" = {
TestTerraformConfluentPlatformSinglenodeExample 2022-08-01T17:52:11Z logger.go:66:           "debug" = tobool(null)
TestTerraformConfluentPlatformSinglenodeExample 2022-08-01T17:52:11Z logger.go:66:           "directoryPathInContainer" = tostring(null)
TestTerraformConfluentPlatformSinglenodeExample 2022-08-01T17:52:11Z logger.go:66:           "restrictedRoles" = tolist(null) /* of string */
TestTerraformConfluentPlatformSinglenodeExample 2022-08-01T17:52:11Z logger.go:66:           "roles" = tolist(null) /* of string */
TestTerraformConfluentPlatformSinglenodeExample 2022-08-01T17:52:11Z logger.go:66:           "secretRef" = tostring(null)
TestTerraformConfluentPlatformSinglenodeExample 2022-08-01T17:52:11Z logger.go:66:         }
TestTerraformConfluentPlatformSinglenodeExample 2022-08-01T17:52:11Z logger.go:66:         "type" = tostring(null)
TestTerraformConfluentPlatformSinglenodeExample 2022-08-01T17:52:11Z logger.go:66:       }
TestTerraformConfluentPlatformSinglenodeExample 2022-08-01T17:52:11Z logger.go:66:       "clusters" = tolist(null) /* of object */
TestTerraformConfluentPlatformSinglenodeExample 2022-08-01T17:52:11Z logger.go:66:       "tls" = {
TestTerraformConfluentPlatformSinglenodeExample 2022-08-01T17:52:11Z logger.go:66:         "directoryPathInContainer" = tostring(null)
TestTerraformConfluentPlatformSinglenodeExample 2022-08-01T17:52:11Z logger.go:66:         "enabled" = tobool(null)
TestTerraformConfluentPlatformSinglenodeExample 2022-08-01T17:52:11Z logger.go:66:         "ignoreTrustStoreConfig" = tobool(null)
TestTerraformConfluentPlatformSinglenodeExample 2022-08-01T17:52:11Z logger.go:66:         "jksPassword" = {
TestTerraformConfluentPlatformSinglenodeExample 2022-08-01T17:52:11Z logger.go:66:           "secretRef" = tostring(null)
TestTerraformConfluentPlatformSinglenodeExample 2022-08-01T17:52:11Z logger.go:66:         }
TestTerraformConfluentPlatformSinglenodeExample 2022-08-01T17:52:11Z logger.go:66:         "secretRef" = tostring(null)
TestTerraformConfluentPlatformSinglenodeExample 2022-08-01T17:52:11Z logger.go:66:       }
TestTerraformConfluentPlatformSinglenodeExample 2022-08-01T17:52:11Z logger.go:66:       "url" = "http://schemaregistry.confluent.svc.cluster.local:8081"
TestTerraformConfluentPlatformSinglenodeExample 2022-08-01T17:52:11Z logger.go:66:     }
TestTerraformConfluentPlatformSinglenodeExample 2022-08-01T17:52:11Z logger.go:66:   }
TestTerraformConfluentPlatformSinglenodeExample 2022-08-01T17:52:11Z logger.go:66:   "externalAccess" = {
TestTerraformConfluentPlatformSinglenodeExample 2022-08-01T17:52:11Z logger.go:66:     "loadBalancer" = {
TestTerraformConfluentPlatformSinglenodeExample 2022-08-01T17:52:11Z logger.go:66:       "advertisedURL" = {
TestTerraformConfluentPlatformSinglenodeExample 2022-08-01T17:52:11Z logger.go:66:         "enabled" = tobool(null)
TestTerraformConfluentPlatformSinglenodeExample 2022-08-01T17:52:11Z logger.go:66:         "prefix" = tostring(null)
TestTerraformConfluentPlatformSinglenodeExample 2022-08-01T17:52:11Z logger.go:66:       }
TestTerraformConfluentPlatformSinglenodeExample 2022-08-01T17:52:11Z logger.go:66:       "annotations" = tomap(null) /* of string */
TestTerraformConfluentPlatformSinglenodeExample 2022-08-01T17:52:11Z logger.go:66:       "domain" = "minikube.domain"
TestTerraformConfluentPlatformSinglenodeExample 2022-08-01T17:52:11Z logger.go:66:       "externalTrafficPolicy" = tostring(null)
TestTerraformConfluentPlatformSinglenodeExample 2022-08-01T17:52:11Z logger.go:66:       "labels" = tomap(null) /* of string */
TestTerraformConfluentPlatformSinglenodeExample 2022-08-01T17:52:11Z logger.go:66:       "loadBalancerSourceRanges" = tolist(null) /* of string */
TestTerraformConfluentPlatformSinglenodeExample 2022-08-01T17:52:11Z logger.go:66:       "port" = tonumber(null)
TestTerraformConfluentPlatformSinglenodeExample 2022-08-01T17:52:11Z logger.go:66:       "prefix" = tostring(null)
TestTerraformConfluentPlatformSinglenodeExample 2022-08-01T17:52:11Z logger.go:66:       "servicePorts" = tolist(null) /* of object */
TestTerraformConfluentPlatformSinglenodeExample 2022-08-01T17:52:11Z logger.go:66:       "sessionAffinity" = tostring(null)
TestTerraformConfluentPlatformSinglenodeExample 2022-08-01T17:52:11Z logger.go:66:       "sessionAffinityConfig" = {
TestTerraformConfluentPlatformSinglenodeExample 2022-08-01T17:52:11Z logger.go:66:         "clientIP" = {
TestTerraformConfluentPlatformSinglenodeExample 2022-08-01T17:52:11Z logger.go:66:           "timeoutSeconds" = tonumber(null)
TestTerraformConfluentPlatformSinglenodeExample 2022-08-01T17:52:11Z logger.go:66:         }
TestTerraformConfluentPlatformSinglenodeExample 2022-08-01T17:52:11Z logger.go:66:       }
TestTerraformConfluentPlatformSinglenodeExample 2022-08-01T17:52:11Z logger.go:66:     }
TestTerraformConfluentPlatformSinglenodeExample 2022-08-01T17:52:11Z logger.go:66:     "nodePort" = {
TestTerraformConfluentPlatformSinglenodeExample 2022-08-01T17:52:11Z logger.go:66:       "advertisedURL" = {
TestTerraformConfluentPlatformSinglenodeExample 2022-08-01T17:52:11Z logger.go:66:         "enabled" = tobool(null)
TestTerraformConfluentPlatformSinglenodeExample 2022-08-01T17:52:11Z logger.go:66:         "prefix" = tostring(null)
TestTerraformConfluentPlatformSinglenodeExample 2022-08-01T17:52:11Z logger.go:66:       }
TestTerraformConfluentPlatformSinglenodeExample 2022-08-01T17:52:11Z logger.go:66:       "annotations" = tomap(null) /* of string */
TestTerraformConfluentPlatformSinglenodeExample 2022-08-01T17:52:11Z logger.go:66:       "externalTrafficPolicy" = tostring(null)
TestTerraformConfluentPlatformSinglenodeExample 2022-08-01T17:52:11Z logger.go:66:       "host" = tostring(null)
TestTerraformConfluentPlatformSinglenodeExample 2022-08-01T17:52:11Z logger.go:66:       "labels" = tomap(null) /* of string */
TestTerraformConfluentPlatformSinglenodeExample 2022-08-01T17:52:11Z logger.go:66:       "nodePortOffset" = tonumber(null)
TestTerraformConfluentPlatformSinglenodeExample 2022-08-01T17:52:11Z logger.go:66:       "servicePorts" = tolist(null) /* of object */
TestTerraformConfluentPlatformSinglenodeExample 2022-08-01T17:52:11Z logger.go:66:       "sessionAffinity" = tostring(null)
TestTerraformConfluentPlatformSinglenodeExample 2022-08-01T17:52:11Z logger.go:66:       "sessionAffinityConfig" = {
TestTerraformConfluentPlatformSinglenodeExample 2022-08-01T17:52:11Z logger.go:66:         "clientIP" = {
TestTerraformConfluentPlatformSinglenodeExample 2022-08-01T17:52:11Z logger.go:66:           "timeoutSeconds" = tonumber(null)
TestTerraformConfluentPlatformSinglenodeExample 2022-08-01T17:52:11Z logger.go:66:         }
TestTerraformConfluentPlatformSinglenodeExample 2022-08-01T17:52:11Z logger.go:66:       }
TestTerraformConfluentPlatformSinglenodeExample 2022-08-01T17:52:11Z logger.go:66:     }
TestTerraformConfluentPlatformSinglenodeExample 2022-08-01T17:52:11Z logger.go:66:     "route" = {
TestTerraformConfluentPlatformSinglenodeExample 2022-08-01T17:52:11Z logger.go:66:       "annotations" = tomap(null) /* of string */
TestTerraformConfluentPlatformSinglenodeExample 2022-08-01T17:52:11Z logger.go:66:       "domain" = tostring(null)
TestTerraformConfluentPlatformSinglenodeExample 2022-08-01T17:52:11Z logger.go:66:       "labels" = tomap(null) /* of string */
TestTerraformConfluentPlatformSinglenodeExample 2022-08-01T17:52:11Z logger.go:66:       "prefix" = tostring(null)
TestTerraformConfluentPlatformSinglenodeExample 2022-08-01T17:52:11Z logger.go:66:       "wildcardPolicy" = tostring(null)
TestTerraformConfluentPlatformSinglenodeExample 2022-08-01T17:52:11Z logger.go:66:     }
TestTerraformConfluentPlatformSinglenodeExample 2022-08-01T17:52:11Z logger.go:66:     "type" = "loadBalancer"
TestTerraformConfluentPlatformSinglenodeExample 2022-08-01T17:52:11Z logger.go:66:   }
TestTerraformConfluentPlatformSinglenodeExample 2022-08-01T17:52:11Z logger.go:66:   "headlessService" = {
TestTerraformConfluentPlatformSinglenodeExample 2022-08-01T17:52:11Z logger.go:66:     "annotations" = tomap(null) /* of string */
TestTerraformConfluentPlatformSinglenodeExample 2022-08-01T17:52:11Z logger.go:66:     "labels" = tomap(null) /* of string */
TestTerraformConfluentPlatformSinglenodeExample 2022-08-01T17:52:11Z logger.go:66:     "publishNotReadyAddresses" = tobool(null)
TestTerraformConfluentPlatformSinglenodeExample 2022-08-01T17:52:11Z logger.go:66:   }
TestTerraformConfluentPlatformSinglenodeExample 2022-08-01T17:52:11Z logger.go:66:   "id" = tonumber(null)
TestTerraformConfluentPlatformSinglenodeExample 2022-08-01T17:52:11Z logger.go:66:   "image" = {
TestTerraformConfluentPlatformSinglenodeExample 2022-08-01T17:52:11Z logger.go:66:     "application" = "confluentinc/cp-enterprise-control-center:7.2.0"
TestTerraformConfluentPlatformSinglenodeExample 2022-08-01T17:52:11Z logger.go:66:     "init" = "confluentinc/confluent-init-container:2.4.0"
TestTerraformConfluentPlatformSinglenodeExample 2022-08-01T17:52:11Z logger.go:66:     "pullPolicy" = tostring(null)
TestTerraformConfluentPlatformSinglenodeExample 2022-08-01T17:52:11Z logger.go:66:     "pullSecretRef" = tolist(null) /* of string */
TestTerraformConfluentPlatformSinglenodeExample 2022-08-01T17:52:11Z logger.go:66:   }
TestTerraformConfluentPlatformSinglenodeExample 2022-08-01T17:52:11Z logger.go:66:   "injectAnnotations" = tomap(null) /* of string */
TestTerraformConfluentPlatformSinglenodeExample 2022-08-01T17:52:11Z logger.go:66:   "injectLabels" = tomap(null) /* of string */
TestTerraformConfluentPlatformSinglenodeExample 2022-08-01T17:52:11Z logger.go:66:   "internalTopicReplicatorFactor" = tonumber(null)
TestTerraformConfluentPlatformSinglenodeExample 2022-08-01T17:52:11Z logger.go:66:   "k8sClusterDomain" = tostring(null)
TestTerraformConfluentPlatformSinglenodeExample 2022-08-01T17:52:11Z logger.go:66:   "license" = {
TestTerraformConfluentPlatformSinglenodeExample 2022-08-01T17:52:11Z logger.go:66:     "directoryPathInContainer" = tostring(null)
TestTerraformConfluentPlatformSinglenodeExample 2022-08-01T17:52:11Z logger.go:66:     "globalLicense" = tobool(null)
TestTerraformConfluentPlatformSinglenodeExample 2022-08-01T17:52:11Z logger.go:66:     "secretRef" = tostring(null)
TestTerraformConfluentPlatformSinglenodeExample 2022-08-01T17:52:11Z logger.go:66:   }
TestTerraformConfluentPlatformSinglenodeExample 2022-08-01T17:52:11Z logger.go:66:   "mail" = {
TestTerraformConfluentPlatformSinglenodeExample 2022-08-01T17:52:11Z logger.go:66:     "authentication" = {
TestTerraformConfluentPlatformSinglenodeExample 2022-08-01T17:52:11Z logger.go:66:       "basic" = {
TestTerraformConfluentPlatformSinglenodeExample 2022-08-01T17:52:11Z logger.go:66:         "debug" = tobool(null)
TestTerraformConfluentPlatformSinglenodeExample 2022-08-01T17:52:11Z logger.go:66:         "directoryPathInContainer" = tostring(null)
TestTerraformConfluentPlatformSinglenodeExample 2022-08-01T17:52:11Z logger.go:66:         "restrictedRoles" = tolist(null) /* of string */
TestTerraformConfluentPlatformSinglenodeExample 2022-08-01T17:52:11Z logger.go:66:         "roles" = tolist(null) /* of string */
TestTerraformConfluentPlatformSinglenodeExample 2022-08-01T17:52:11Z logger.go:66:         "secretRef" = tostring(null)
TestTerraformConfluentPlatformSinglenodeExample 2022-08-01T17:52:11Z logger.go:66:       }
TestTerraformConfluentPlatformSinglenodeExample 2022-08-01T17:52:11Z logger.go:66:       "type" = tostring(null)
TestTerraformConfluentPlatformSinglenodeExample 2022-08-01T17:52:11Z logger.go:66:     }
TestTerraformConfluentPlatformSinglenodeExample 2022-08-01T17:52:11Z logger.go:66:     "checkServerIdentity" = tobool(null)
TestTerraformConfluentPlatformSinglenodeExample 2022-08-01T17:52:11Z logger.go:66:     "hostname" = tostring(null)
TestTerraformConfluentPlatformSinglenodeExample 2022-08-01T17:52:11Z logger.go:66:     "mailBounceAddress" = tostring(null)
TestTerraformConfluentPlatformSinglenodeExample 2022-08-01T17:52:11Z logger.go:66:     "mailFrom" = tostring(null)
TestTerraformConfluentPlatformSinglenodeExample 2022-08-01T17:52:11Z logger.go:66:     "port" = tonumber(null)
TestTerraformConfluentPlatformSinglenodeExample 2022-08-01T17:52:11Z logger.go:66:     "startTLSRequired" = tobool(null)
TestTerraformConfluentPlatformSinglenodeExample 2022-08-01T17:52:11Z logger.go:66:   }
TestTerraformConfluentPlatformSinglenodeExample 2022-08-01T17:52:11Z logger.go:66:   "metrics" = {
TestTerraformConfluentPlatformSinglenodeExample 2022-08-01T17:52:11Z logger.go:66:     "authentication" = {
TestTerraformConfluentPlatformSinglenodeExample 2022-08-01T17:52:11Z logger.go:66:       "type" = tostring(null)
TestTerraformConfluentPlatformSinglenodeExample 2022-08-01T17:52:11Z logger.go:66:     }
TestTerraformConfluentPlatformSinglenodeExample 2022-08-01T17:52:11Z logger.go:66:     "prometheus" = {
TestTerraformConfluentPlatformSinglenodeExample 2022-08-01T17:52:11Z logger.go:66:       "blacklist" = tolist(null) /* of string */
TestTerraformConfluentPlatformSinglenodeExample 2022-08-01T17:52:11Z logger.go:66:       "rules" = tolist(null) /* of object */
TestTerraformConfluentPlatformSinglenodeExample 2022-08-01T17:52:11Z logger.go:66:       "whitelist" = tolist(null) /* of string */
TestTerraformConfluentPlatformSinglenodeExample 2022-08-01T17:52:11Z logger.go:66:     }
TestTerraformConfluentPlatformSinglenodeExample 2022-08-01T17:52:11Z logger.go:66:     "tls" = {
TestTerraformConfluentPlatformSinglenodeExample 2022-08-01T17:52:11Z logger.go:66:       "directoryPathInContainer" = tostring(null)
TestTerraformConfluentPlatformSinglenodeExample 2022-08-01T17:52:11Z logger.go:66:       "enabled" = tobool(null)
TestTerraformConfluentPlatformSinglenodeExample 2022-08-01T17:52:11Z logger.go:66:       "ignoreTrustStoreConfig" = tobool(null)
TestTerraformConfluentPlatformSinglenodeExample 2022-08-01T17:52:11Z logger.go:66:       "jksPassword" = {
TestTerraformConfluentPlatformSinglenodeExample 2022-08-01T17:52:11Z logger.go:66:         "secretRef" = tostring(null)
TestTerraformConfluentPlatformSinglenodeExample 2022-08-01T17:52:11Z logger.go:66:       }
TestTerraformConfluentPlatformSinglenodeExample 2022-08-01T17:52:11Z logger.go:66:       "secretRef" = tostring(null)
TestTerraformConfluentPlatformSinglenodeExample 2022-08-01T17:52:11Z logger.go:66:     }
TestTerraformConfluentPlatformSinglenodeExample 2022-08-01T17:52:11Z logger.go:66:   }
TestTerraformConfluentPlatformSinglenodeExample 2022-08-01T17:52:11Z logger.go:66:   "monitoringKafkaClusters" = tolist(null) /* of object */
TestTerraformConfluentPlatformSinglenodeExample 2022-08-01T17:52:11Z logger.go:66:   "mountedSecrets" = tolist(null) /* of object */
TestTerraformConfluentPlatformSinglenodeExample 2022-08-01T17:52:11Z logger.go:66:   "mountedVolumes" = {
TestTerraformConfluentPlatformSinglenodeExample 2022-08-01T17:52:11Z logger.go:66:     "volumeMounts" = tolist(null) /* of object */
TestTerraformConfluentPlatformSinglenodeExample 2022-08-01T17:52:11Z logger.go:66:     "volumes" = null /* tuple */
TestTerraformConfluentPlatformSinglenodeExample 2022-08-01T17:52:11Z logger.go:66:   }
TestTerraformConfluentPlatformSinglenodeExample 2022-08-01T17:52:11Z logger.go:66:   "name" = tostring(null)
TestTerraformConfluentPlatformSinglenodeExample 2022-08-01T17:52:11Z logger.go:66:   "oneReplicaPerNode" = tobool(null)
TestTerraformConfluentPlatformSinglenodeExample 2022-08-01T17:52:11Z logger.go:66:   "podTemplate" = {
TestTerraformConfluentPlatformSinglenodeExample 2022-08-01T17:52:11Z logger.go:66:     "affinity" = {
TestTerraformConfluentPlatformSinglenodeExample 2022-08-01T17:52:11Z logger.go:66:       "nodeAffinity" = {
TestTerraformConfluentPlatformSinglenodeExample 2022-08-01T17:52:11Z logger.go:66:         "preferredDuringSchedulingIgnoredDuringExecution" = tolist(null) /* of object */
TestTerraformConfluentPlatformSinglenodeExample 2022-08-01T17:52:11Z logger.go:66:         "requiredDuringSchedulingIgnoredDuringExecution" = {
TestTerraformConfluentPlatformSinglenodeExample 2022-08-01T17:52:11Z logger.go:66:           "nodeSelectorTerms" = tolist(null) /* of object */
TestTerraformConfluentPlatformSinglenodeExample 2022-08-01T17:52:11Z logger.go:66:         }
TestTerraformConfluentPlatformSinglenodeExample 2022-08-01T17:52:11Z logger.go:66:       }
TestTerraformConfluentPlatformSinglenodeExample 2022-08-01T17:52:11Z logger.go:66:       "podAffinity" = {
TestTerraformConfluentPlatformSinglenodeExample 2022-08-01T17:52:11Z logger.go:66:         "preferredDuringSchedulingIgnoredDuringExecution" = tolist(null) /* of object */
TestTerraformConfluentPlatformSinglenodeExample 2022-08-01T17:52:11Z logger.go:66:         "requiredDuringSchedulingIgnoredDuringExecution" = tolist(null) /* of object */
TestTerraformConfluentPlatformSinglenodeExample 2022-08-01T17:52:11Z logger.go:66:       }
TestTerraformConfluentPlatformSinglenodeExample 2022-08-01T17:52:11Z logger.go:66:       "podAntiAffinity" = {
TestTerraformConfluentPlatformSinglenodeExample 2022-08-01T17:52:11Z logger.go:66:         "preferredDuringSchedulingIgnoredDuringExecution" = tolist(null) /* of object */
TestTerraformConfluentPlatformSinglenodeExample 2022-08-01T17:52:11Z logger.go:66:         "requiredDuringSchedulingIgnoredDuringExecution" = tolist(null) /* of object */
TestTerraformConfluentPlatformSinglenodeExample 2022-08-01T17:52:11Z logger.go:66:       }
TestTerraformConfluentPlatformSinglenodeExample 2022-08-01T17:52:11Z logger.go:66:     }
TestTerraformConfluentPlatformSinglenodeExample 2022-08-01T17:52:11Z logger.go:66:     "annotations" = tomap(null) /* of string */
TestTerraformConfluentPlatformSinglenodeExample 2022-08-01T17:52:11Z logger.go:66:     "envVars" = tolist(null) /* of object */
TestTerraformConfluentPlatformSinglenodeExample 2022-08-01T17:52:11Z logger.go:66:     "labels" = tomap(null) /* of string */
TestTerraformConfluentPlatformSinglenodeExample 2022-08-01T17:52:11Z logger.go:66:     "podSecurityContext" = {
TestTerraformConfluentPlatformSinglenodeExample 2022-08-01T17:52:11Z logger.go:66:       "fsGroup" = 1000
TestTerraformConfluentPlatformSinglenodeExample 2022-08-01T17:52:11Z logger.go:66:       "fsGroupChangePolicy" = tostring(null)
TestTerraformConfluentPlatformSinglenodeExample 2022-08-01T17:52:11Z logger.go:66:       "runAsGroup" = tonumber(null)
TestTerraformConfluentPlatformSinglenodeExample 2022-08-01T17:52:11Z logger.go:66:       "runAsNonRoot" = true
TestTerraformConfluentPlatformSinglenodeExample 2022-08-01T17:52:11Z logger.go:66:       "runAsUser" = 1000
TestTerraformConfluentPlatformSinglenodeExample 2022-08-01T17:52:11Z logger.go:66:       "seLinuxOptions" = {
TestTerraformConfluentPlatformSinglenodeExample 2022-08-01T17:52:11Z logger.go:66:         "level" = tostring(null)
TestTerraformConfluentPlatformSinglenodeExample 2022-08-01T17:52:11Z logger.go:66:         "role" = tostring(null)
TestTerraformConfluentPlatformSinglenodeExample 2022-08-01T17:52:11Z logger.go:66:         "type" = tostring(null)
TestTerraformConfluentPlatformSinglenodeExample 2022-08-01T17:52:11Z logger.go:66:         "user" = tostring(null)
TestTerraformConfluentPlatformSinglenodeExample 2022-08-01T17:52:11Z logger.go:66:       }
TestTerraformConfluentPlatformSinglenodeExample 2022-08-01T17:52:11Z logger.go:66:       "seccompProfile" = {
TestTerraformConfluentPlatformSinglenodeExample 2022-08-01T17:52:11Z logger.go:66:         "localhostProfile" = tostring(null)
TestTerraformConfluentPlatformSinglenodeExample 2022-08-01T17:52:11Z logger.go:66:         "type" = tostring(null)
TestTerraformConfluentPlatformSinglenodeExample 2022-08-01T17:52:11Z logger.go:66:       }
TestTerraformConfluentPlatformSinglenodeExample 2022-08-01T17:52:11Z logger.go:66:       "supplementalGroups" = tolist(null) /* of number */
TestTerraformConfluentPlatformSinglenodeExample 2022-08-01T17:52:11Z logger.go:66:       "sysctls" = tolist(null) /* of object */
TestTerraformConfluentPlatformSinglenodeExample 2022-08-01T17:52:11Z logger.go:66:       "windowsOptions" = {
TestTerraformConfluentPlatformSinglenodeExample 2022-08-01T17:52:11Z logger.go:66:         "gmsaCredentialSpec" = tostring(null)
TestTerraformConfluentPlatformSinglenodeExample 2022-08-01T17:52:11Z logger.go:66:         "gmsaCredentialSpecName" = tostring(null)
TestTerraformConfluentPlatformSinglenodeExample 2022-08-01T17:52:11Z logger.go:66:         "hostProcess" = tobool(null)
TestTerraformConfluentPlatformSinglenodeExample 2022-08-01T17:52:11Z logger.go:66:         "runAsUserName" = tostring(null)
TestTerraformConfluentPlatformSinglenodeExample 2022-08-01T17:52:11Z logger.go:66:       }
TestTerraformConfluentPlatformSinglenodeExample 2022-08-01T17:52:11Z logger.go:66:     }
TestTerraformConfluentPlatformSinglenodeExample 2022-08-01T17:52:11Z logger.go:66:     "priorityClassName" = tostring(null)
TestTerraformConfluentPlatformSinglenodeExample 2022-08-01T17:52:11Z logger.go:66:     "probe" = {
TestTerraformConfluentPlatformSinglenodeExample 2022-08-01T17:52:11Z logger.go:66:       "liveness" = {
TestTerraformConfluentPlatformSinglenodeExample 2022-08-01T17:52:11Z logger.go:66:         "failureThreshold" = 5
TestTerraformConfluentPlatformSinglenodeExample 2022-08-01T17:52:11Z logger.go:66:         "initialDelaySeconds" = tonumber(null)
TestTerraformConfluentPlatformSinglenodeExample 2022-08-01T17:52:11Z logger.go:66:         "periodSeconds" = 10
TestTerraformConfluentPlatformSinglenodeExample 2022-08-01T17:52:11Z logger.go:66:         "successThreshold" = tonumber(null)
TestTerraformConfluentPlatformSinglenodeExample 2022-08-01T17:52:11Z logger.go:66:         "timeoutSeconds" = 500
TestTerraformConfluentPlatformSinglenodeExample 2022-08-01T17:52:11Z logger.go:66:       }
TestTerraformConfluentPlatformSinglenodeExample 2022-08-01T17:52:11Z logger.go:66:       "readiness" = {
TestTerraformConfluentPlatformSinglenodeExample 2022-08-01T17:52:11Z logger.go:66:         "failureThreshold" = tonumber(null)
TestTerraformConfluentPlatformSinglenodeExample 2022-08-01T17:52:11Z logger.go:66:         "initialDelaySeconds" = tonumber(null)
TestTerraformConfluentPlatformSinglenodeExample 2022-08-01T17:52:11Z logger.go:66:         "periodSeconds" = tonumber(null)
TestTerraformConfluentPlatformSinglenodeExample 2022-08-01T17:52:11Z logger.go:66:         "successThreshold" = tonumber(null)
TestTerraformConfluentPlatformSinglenodeExample 2022-08-01T17:52:11Z logger.go:66:         "timeoutSeconds" = tonumber(null)
TestTerraformConfluentPlatformSinglenodeExample 2022-08-01T17:52:11Z logger.go:66:       }
TestTerraformConfluentPlatformSinglenodeExample 2022-08-01T17:52:11Z logger.go:66:     }
TestTerraformConfluentPlatformSinglenodeExample 2022-08-01T17:52:11Z logger.go:66:     "resources" = {
TestTerraformConfluentPlatformSinglenodeExample 2022-08-01T17:52:11Z logger.go:66:       "limits" = tomap(null) /* of string */
TestTerraformConfluentPlatformSinglenodeExample 2022-08-01T17:52:11Z logger.go:66:       "requests" = tomap({
TestTerraformConfluentPlatformSinglenodeExample 2022-08-01T17:52:11Z logger.go:66:         "cpu" = "500m"
TestTerraformConfluentPlatformSinglenodeExample 2022-08-01T17:52:11Z logger.go:66:         "memory" = "512Mi"
TestTerraformConfluentPlatformSinglenodeExample 2022-08-01T17:52:11Z logger.go:66:       })
TestTerraformConfluentPlatformSinglenodeExample 2022-08-01T17:52:11Z logger.go:66:     }
TestTerraformConfluentPlatformSinglenodeExample 2022-08-01T17:52:11Z logger.go:66:     "securityContext" = {
TestTerraformConfluentPlatformSinglenodeExample 2022-08-01T17:52:11Z logger.go:66:       "allowPrivilegeEscalation" = tobool(null)
TestTerraformConfluentPlatformSinglenodeExample 2022-08-01T17:52:11Z logger.go:66:       "capabilities" = {
TestTerraformConfluentPlatformSinglenodeExample 2022-08-01T17:52:11Z logger.go:66:         "add" = tolist(null) /* of string */
TestTerraformConfluentPlatformSinglenodeExample 2022-08-01T17:52:11Z logger.go:66:         "drop" = tolist(null) /* of string */
TestTerraformConfluentPlatformSinglenodeExample 2022-08-01T17:52:11Z logger.go:66:       }
TestTerraformConfluentPlatformSinglenodeExample 2022-08-01T17:52:11Z logger.go:66:       "privileged" = tobool(null)
TestTerraformConfluentPlatformSinglenodeExample 2022-08-01T17:52:11Z logger.go:66:       "procMount" = tostring(null)
TestTerraformConfluentPlatformSinglenodeExample 2022-08-01T17:52:11Z logger.go:66:       "readOnlyRootFilesystem" = tobool(null)
TestTerraformConfluentPlatformSinglenodeExample 2022-08-01T17:52:11Z logger.go:66:       "runAsGroup" = tonumber(null)
TestTerraformConfluentPlatformSinglenodeExample 2022-08-01T17:52:11Z logger.go:66:       "runAsNonRoot" = tobool(null)
TestTerraformConfluentPlatformSinglenodeExample 2022-08-01T17:52:11Z logger.go:66:       "runAsUser" = tonumber(null)
TestTerraformConfluentPlatformSinglenodeExample 2022-08-01T17:52:11Z logger.go:66:       "seLinuxOptions" = {
TestTerraformConfluentPlatformSinglenodeExample 2022-08-01T17:52:11Z logger.go:66:         "level" = tostring(null)
TestTerraformConfluentPlatformSinglenodeExample 2022-08-01T17:52:11Z logger.go:66:         "role" = tostring(null)
TestTerraformConfluentPlatformSinglenodeExample 2022-08-01T17:52:11Z logger.go:66:         "type" = tostring(null)
TestTerraformConfluentPlatformSinglenodeExample 2022-08-01T17:52:11Z logger.go:66:         "user" = tostring(null)
TestTerraformConfluentPlatformSinglenodeExample 2022-08-01T17:52:11Z logger.go:66:       }
TestTerraformConfluentPlatformSinglenodeExample 2022-08-01T17:52:11Z logger.go:66:       "seccompProfile" = {
TestTerraformConfluentPlatformSinglenodeExample 2022-08-01T17:52:11Z logger.go:66:         "localhostProfile" = tostring(null)
TestTerraformConfluentPlatformSinglenodeExample 2022-08-01T17:52:11Z logger.go:66:         "type" = tostring(null)
TestTerraformConfluentPlatformSinglenodeExample 2022-08-01T17:52:11Z logger.go:66:       }
TestTerraformConfluentPlatformSinglenodeExample 2022-08-01T17:52:11Z logger.go:66:       "windowsOptions" = {
TestTerraformConfluentPlatformSinglenodeExample 2022-08-01T17:52:11Z logger.go:66:         "gmsaCredentialSpec" = tostring(null)
TestTerraformConfluentPlatformSinglenodeExample 2022-08-01T17:52:11Z logger.go:66:         "gmsaCredentialSpecName" = tostring(null)
TestTerraformConfluentPlatformSinglenodeExample 2022-08-01T17:52:11Z logger.go:66:         "hostProcess" = tobool(null)
TestTerraformConfluentPlatformSinglenodeExample 2022-08-01T17:52:11Z logger.go:66:         "runAsUserName" = tostring(null)
TestTerraformConfluentPlatformSinglenodeExample 2022-08-01T17:52:11Z logger.go:66:       }
TestTerraformConfluentPlatformSinglenodeExample 2022-08-01T17:52:11Z logger.go:66:     }
TestTerraformConfluentPlatformSinglenodeExample 2022-08-01T17:52:11Z logger.go:66:     "serviceAccountName" = tostring(null)
TestTerraformConfluentPlatformSinglenodeExample 2022-08-01T17:52:11Z logger.go:66:     "terminationGracePeriodSeconds" = tonumber(null)
TestTerraformConfluentPlatformSinglenodeExample 2022-08-01T17:52:11Z logger.go:66:     "tolerations" = tolist(null) /* of object */
TestTerraformConfluentPlatformSinglenodeExample 2022-08-01T17:52:11Z logger.go:66:     "topologySpreadConstraints" = tolist(null) /* of object */
TestTerraformConfluentPlatformSinglenodeExample 2022-08-01T17:52:11Z logger.go:66:   }
TestTerraformConfluentPlatformSinglenodeExample 2022-08-01T17:52:11Z logger.go:66:   "replicas" = 1
TestTerraformConfluentPlatformSinglenodeExample 2022-08-01T17:52:11Z logger.go:66:   "storageClass" = {
TestTerraformConfluentPlatformSinglenodeExample 2022-08-01T17:52:11Z logger.go:66:     "name" = tostring(null)
TestTerraformConfluentPlatformSinglenodeExample 2022-08-01T17:52:11Z logger.go:66:   }
TestTerraformConfluentPlatformSinglenodeExample 2022-08-01T17:52:11Z logger.go:66:   "telemetry" = {
TestTerraformConfluentPlatformSinglenodeExample 2022-08-01T17:52:11Z logger.go:66:     "global" = tobool(null)
TestTerraformConfluentPlatformSinglenodeExample 2022-08-01T17:52:11Z logger.go:66:   }
TestTerraformConfluentPlatformSinglenodeExample 2022-08-01T17:52:11Z logger.go:66:   "tls" = {
TestTerraformConfluentPlatformSinglenodeExample 2022-08-01T17:52:11Z logger.go:66:     "autoGeneratedCerts" = tobool(null)
TestTerraformConfluentPlatformSinglenodeExample 2022-08-01T17:52:11Z logger.go:66:     "directoryPathInContainer" = tostring(null)
TestTerraformConfluentPlatformSinglenodeExample 2022-08-01T17:52:11Z logger.go:66:     "ignoreTrustStoreConfig" = tobool(null)
TestTerraformConfluentPlatformSinglenodeExample 2022-08-01T17:52:11Z logger.go:66:     "jksPassword" = {
TestTerraformConfluentPlatformSinglenodeExample 2022-08-01T17:52:11Z logger.go:66:       "secretRef" = tostring(null)
TestTerraformConfluentPlatformSinglenodeExample 2022-08-01T17:52:11Z logger.go:66:     }
TestTerraformConfluentPlatformSinglenodeExample 2022-08-01T17:52:11Z logger.go:66:     "secretRef" = tostring(null)
TestTerraformConfluentPlatformSinglenodeExample 2022-08-01T17:52:11Z logger.go:66:   }
TestTerraformConfluentPlatformSinglenodeExample 2022-08-01T17:52:11Z logger.go:66: }
TestTerraformConfluentPlatformSinglenodeExample 2022-08-01T17:52:11Z logger.go:66: kafka = {
TestTerraformConfluentPlatformSinglenodeExample 2022-08-01T17:52:11Z logger.go:66:   "authorization" = {
TestTerraformConfluentPlatformSinglenodeExample 2022-08-01T17:52:11Z logger.go:66:     "superUsers" = tolist(null) /* of string */
TestTerraformConfluentPlatformSinglenodeExample 2022-08-01T17:52:11Z logger.go:66:     "type" = tostring(null)
TestTerraformConfluentPlatformSinglenodeExample 2022-08-01T17:52:11Z logger.go:66:   }
TestTerraformConfluentPlatformSinglenodeExample 2022-08-01T17:52:11Z logger.go:66:   "configOverrides" = {
TestTerraformConfluentPlatformSinglenodeExample 2022-08-01T17:52:11Z logger.go:66:     "jvm" = tolist(null) /* of string */
TestTerraformConfluentPlatformSinglenodeExample 2022-08-01T17:52:11Z logger.go:66:     "log4j" = tolist(null) /* of string */
TestTerraformConfluentPlatformSinglenodeExample 2022-08-01T17:52:11Z logger.go:66:     "server" = tolist([
TestTerraformConfluentPlatformSinglenodeExample 2022-08-01T17:52:11Z logger.go:66:       "confluent.license.topic.replication.factor=1",
TestTerraformConfluentPlatformSinglenodeExample 2022-08-01T17:52:11Z logger.go:66:       "confluent.metrics.reporter.topic.replicas=1",
TestTerraformConfluentPlatformSinglenodeExample 2022-08-01T17:52:11Z logger.go:66:       "confluent.tier.metadata.replication.factor=1",
TestTerraformConfluentPlatformSinglenodeExample 2022-08-01T17:52:11Z logger.go:66:       "confluent.metadata.topic.replication.factor=1",
TestTerraformConfluentPlatformSinglenodeExample 2022-08-01T17:52:11Z logger.go:66:       "confluent.balancer.topic.replication.factor=1",
TestTerraformConfluentPlatformSinglenodeExample 2022-08-01T17:52:11Z logger.go:66:       "confluent.security.event.logger.exporter.kafka.topic.replicas=1",
TestTerraformConfluentPlatformSinglenodeExample 2022-08-01T17:52:11Z logger.go:66:       "event.logger.exporter.kafka.topic.replicas=1",
TestTerraformConfluentPlatformSinglenodeExample 2022-08-01T17:52:11Z logger.go:66:       "offsets.topic.replication.factor=1",
TestTerraformConfluentPlatformSinglenodeExample 2022-08-01T17:52:11Z logger.go:66:       "confluent.cluster.link.enable=true",
TestTerraformConfluentPlatformSinglenodeExample 2022-08-01T17:52:11Z logger.go:66:       "password.encoder.secret=secret",
TestTerraformConfluentPlatformSinglenodeExample 2022-08-01T17:52:11Z logger.go:66:     ])
TestTerraformConfluentPlatformSinglenodeExample 2022-08-01T17:52:11Z logger.go:66:   }
TestTerraformConfluentPlatformSinglenodeExample 2022-08-01T17:52:11Z logger.go:66:   "dataVolumeCapacity" = "10Gi"
TestTerraformConfluentPlatformSinglenodeExample 2022-08-01T17:52:11Z logger.go:66:   "dependencies" = {
TestTerraformConfluentPlatformSinglenodeExample 2022-08-01T17:52:11Z logger.go:66:     "kafkaRest" = {
TestTerraformConfluentPlatformSinglenodeExample 2022-08-01T17:52:11Z logger.go:66:       "authentication" = {
TestTerraformConfluentPlatformSinglenodeExample 2022-08-01T17:52:11Z logger.go:66:         "bearer" = {
TestTerraformConfluentPlatformSinglenodeExample 2022-08-01T17:52:11Z logger.go:66:           "directoryPathInContainer" = tostring(null)
TestTerraformConfluentPlatformSinglenodeExample 2022-08-01T17:52:11Z logger.go:66:           "secretRef" = tostring(null)
TestTerraformConfluentPlatformSinglenodeExample 2022-08-01T17:52:11Z logger.go:66:         }
TestTerraformConfluentPlatformSinglenodeExample 2022-08-01T17:52:11Z logger.go:66:         "jaasConfig" = {
TestTerraformConfluentPlatformSinglenodeExample 2022-08-01T17:52:11Z logger.go:66:           "secretRef" = tostring(null)
TestTerraformConfluentPlatformSinglenodeExample 2022-08-01T17:52:11Z logger.go:66:         }
TestTerraformConfluentPlatformSinglenodeExample 2022-08-01T17:52:11Z logger.go:66:         "jaasConfigPassThrough" = {
TestTerraformConfluentPlatformSinglenodeExample 2022-08-01T17:52:11Z logger.go:66:           "directoryPathInContainer" = tostring(null)
TestTerraformConfluentPlatformSinglenodeExample 2022-08-01T17:52:11Z logger.go:66:           "secretRef" = tostring(null)
TestTerraformConfluentPlatformSinglenodeExample 2022-08-01T17:52:11Z logger.go:66:         }
TestTerraformConfluentPlatformSinglenodeExample 2022-08-01T17:52:11Z logger.go:66:         "oauthbearer" = {
TestTerraformConfluentPlatformSinglenodeExample 2022-08-01T17:52:11Z logger.go:66:           "directoryPathInContainer" = tostring(null)
TestTerraformConfluentPlatformSinglenodeExample 2022-08-01T17:52:11Z logger.go:66:           "secretRef" = tostring(null)
TestTerraformConfluentPlatformSinglenodeExample 2022-08-01T17:52:11Z logger.go:66:         }
TestTerraformConfluentPlatformSinglenodeExample 2022-08-01T17:52:11Z logger.go:66:         "type" = tostring(null)
TestTerraformConfluentPlatformSinglenodeExample 2022-08-01T17:52:11Z logger.go:66:       }
TestTerraformConfluentPlatformSinglenodeExample 2022-08-01T17:52:11Z logger.go:66:       "bootstrapEndpoint" = tostring(null)
TestTerraformConfluentPlatformSinglenodeExample 2022-08-01T17:52:11Z logger.go:66:       "endpoint" = tostring(null)
TestTerraformConfluentPlatformSinglenodeExample 2022-08-01T17:52:11Z logger.go:66:       "tls" = {
TestTerraformConfluentPlatformSinglenodeExample 2022-08-01T17:52:11Z logger.go:66:         "directoryPathInContainer" = tostring(null)
TestTerraformConfluentPlatformSinglenodeExample 2022-08-01T17:52:11Z logger.go:66:         "enabled" = tobool(null)
TestTerraformConfluentPlatformSinglenodeExample 2022-08-01T17:52:11Z logger.go:66:         "ignoreTrustStoreConfig" = tobool(null)
TestTerraformConfluentPlatformSinglenodeExample 2022-08-01T17:52:11Z logger.go:66:         "jksPassword" = {
TestTerraformConfluentPlatformSinglenodeExample 2022-08-01T17:52:11Z logger.go:66:           "secretRef" = tostring(null)
TestTerraformConfluentPlatformSinglenodeExample 2022-08-01T17:52:11Z logger.go:66:         }
TestTerraformConfluentPlatformSinglenodeExample 2022-08-01T17:52:11Z logger.go:66:         "secretRef" = tostring(null)
TestTerraformConfluentPlatformSinglenodeExample 2022-08-01T17:52:11Z logger.go:66:       }
TestTerraformConfluentPlatformSinglenodeExample 2022-08-01T17:52:11Z logger.go:66:     }
TestTerraformConfluentPlatformSinglenodeExample 2022-08-01T17:52:11Z logger.go:66:     "mds" = {
TestTerraformConfluentPlatformSinglenodeExample 2022-08-01T17:52:11Z logger.go:66:       "endpoint" = tostring(null)
TestTerraformConfluentPlatformSinglenodeExample 2022-08-01T17:52:11Z logger.go:66:       "kafka" = {
TestTerraformConfluentPlatformSinglenodeExample 2022-08-01T17:52:11Z logger.go:66:         "authentication" = {
TestTerraformConfluentPlatformSinglenodeExample 2022-08-01T17:52:11Z logger.go:66:           "jaasConfig" = {
TestTerraformConfluentPlatformSinglenodeExample 2022-08-01T17:52:11Z logger.go:66:             "secretRef" = tostring(null)
TestTerraformConfluentPlatformSinglenodeExample 2022-08-01T17:52:11Z logger.go:66:           }
TestTerraformConfluentPlatformSinglenodeExample 2022-08-01T17:52:11Z logger.go:66:           "jaasConfigPassThrough" = {
TestTerraformConfluentPlatformSinglenodeExample 2022-08-01T17:52:11Z logger.go:66:             "directoryPathInContainer" = tostring(null)
TestTerraformConfluentPlatformSinglenodeExample 2022-08-01T17:52:11Z logger.go:66:             "secretRef" = tostring(null)
TestTerraformConfluentPlatformSinglenodeExample 2022-08-01T17:52:11Z logger.go:66:           }
TestTerraformConfluentPlatformSinglenodeExample 2022-08-01T17:52:11Z logger.go:66:           "oauthbearer" = {
TestTerraformConfluentPlatformSinglenodeExample 2022-08-01T17:52:11Z logger.go:66:             "directoryPathInContainer" = tostring(null)
TestTerraformConfluentPlatformSinglenodeExample 2022-08-01T17:52:11Z logger.go:66:             "secretRef" = tostring(null)
TestTerraformConfluentPlatformSinglenodeExample 2022-08-01T17:52:11Z logger.go:66:           }
TestTerraformConfluentPlatformSinglenodeExample 2022-08-01T17:52:11Z logger.go:66:           "type" = tostring(null)
TestTerraformConfluentPlatformSinglenodeExample 2022-08-01T17:52:11Z logger.go:66:         }
TestTerraformConfluentPlatformSinglenodeExample 2022-08-01T17:52:11Z logger.go:66:         "bootstrapEndpoint" = tostring(null)
TestTerraformConfluentPlatformSinglenodeExample 2022-08-01T17:52:11Z logger.go:66:         "discovery" = {
TestTerraformConfluentPlatformSinglenodeExample 2022-08-01T17:52:11Z logger.go:66:           "name" = tostring(null)
TestTerraformConfluentPlatformSinglenodeExample 2022-08-01T17:52:11Z logger.go:66:           "namespace" = tostring(null)
TestTerraformConfluentPlatformSinglenodeExample 2022-08-01T17:52:11Z logger.go:66:           "secretRef" = tostring(null)
TestTerraformConfluentPlatformSinglenodeExample 2022-08-01T17:52:11Z logger.go:66:         }
TestTerraformConfluentPlatformSinglenodeExample 2022-08-01T17:52:11Z logger.go:66:         "tls" = {
TestTerraformConfluentPlatformSinglenodeExample 2022-08-01T17:52:11Z logger.go:66:           "directoryPathInContainer" = tostring(null)
TestTerraformConfluentPlatformSinglenodeExample 2022-08-01T17:52:11Z logger.go:66:           "enabled" = tobool(null)
TestTerraformConfluentPlatformSinglenodeExample 2022-08-01T17:52:11Z logger.go:66:           "ignoreTrustStoreConfig" = tobool(null)
TestTerraformConfluentPlatformSinglenodeExample 2022-08-01T17:52:11Z logger.go:66:           "jksPassword" = {
TestTerraformConfluentPlatformSinglenodeExample 2022-08-01T17:52:11Z logger.go:66:             "secretRef" = tostring(null)
TestTerraformConfluentPlatformSinglenodeExample 2022-08-01T17:52:11Z logger.go:66:           }
TestTerraformConfluentPlatformSinglenodeExample 2022-08-01T17:52:11Z logger.go:66:           "secretRef" = tostring(null)
TestTerraformConfluentPlatformSinglenodeExample 2022-08-01T17:52:11Z logger.go:66:         }
TestTerraformConfluentPlatformSinglenodeExample 2022-08-01T17:52:11Z logger.go:66:       }
TestTerraformConfluentPlatformSinglenodeExample 2022-08-01T17:52:11Z logger.go:66:       "tls" = {
TestTerraformConfluentPlatformSinglenodeExample 2022-08-01T17:52:11Z logger.go:66:         "directoryPathInContainer" = tostring(null)
TestTerraformConfluentPlatformSinglenodeExample 2022-08-01T17:52:11Z logger.go:66:         "enabled" = tobool(null)
TestTerraformConfluentPlatformSinglenodeExample 2022-08-01T17:52:11Z logger.go:66:         "ignoreTrustStoreConfig" = tobool(null)
TestTerraformConfluentPlatformSinglenodeExample 2022-08-01T17:52:11Z logger.go:66:         "jksPassword" = {
TestTerraformConfluentPlatformSinglenodeExample 2022-08-01T17:52:11Z logger.go:66:           "secretRef" = tostring(null)
TestTerraformConfluentPlatformSinglenodeExample 2022-08-01T17:52:11Z logger.go:66:         }
TestTerraformConfluentPlatformSinglenodeExample 2022-08-01T17:52:11Z logger.go:66:         "secretRef" = tostring(null)
TestTerraformConfluentPlatformSinglenodeExample 2022-08-01T17:52:11Z logger.go:66:       }
TestTerraformConfluentPlatformSinglenodeExample 2022-08-01T17:52:11Z logger.go:66:       "tokenKeyPair" = {
TestTerraformConfluentPlatformSinglenodeExample 2022-08-01T17:52:11Z logger.go:66:         "directoryPathInContainer" = tostring(null)
TestTerraformConfluentPlatformSinglenodeExample 2022-08-01T17:52:11Z logger.go:66:         "secretRef" = tostring(null)
TestTerraformConfluentPlatformSinglenodeExample 2022-08-01T17:52:11Z logger.go:66:       }
TestTerraformConfluentPlatformSinglenodeExample 2022-08-01T17:52:11Z logger.go:66:     }
TestTerraformConfluentPlatformSinglenodeExample 2022-08-01T17:52:11Z logger.go:66:     "schemaRegistry" = {
TestTerraformConfluentPlatformSinglenodeExample 2022-08-01T17:52:11Z logger.go:66:       "authentication" = {
TestTerraformConfluentPlatformSinglenodeExample 2022-08-01T17:52:11Z logger.go:66:         "basic" = {
TestTerraformConfluentPlatformSinglenodeExample 2022-08-01T17:52:11Z logger.go:66:           "debug" = tobool(null)
TestTerraformConfluentPlatformSinglenodeExample 2022-08-01T17:52:11Z logger.go:66:           "directoryPathInContainer" = tostring(null)
TestTerraformConfluentPlatformSinglenodeExample 2022-08-01T17:52:11Z logger.go:66:           "restrictedRoles" = tolist(null) /* of string */
TestTerraformConfluentPlatformSinglenodeExample 2022-08-01T17:52:11Z logger.go:66:           "roles" = tolist(null) /* of string */
TestTerraformConfluentPlatformSinglenodeExample 2022-08-01T17:52:11Z logger.go:66:           "secretRef" = tostring(null)
TestTerraformConfluentPlatformSinglenodeExample 2022-08-01T17:52:11Z logger.go:66:         }
TestTerraformConfluentPlatformSinglenodeExample 2022-08-01T17:52:11Z logger.go:66:         "type" = tostring(null)
TestTerraformConfluentPlatformSinglenodeExample 2022-08-01T17:52:11Z logger.go:66:       }
TestTerraformConfluentPlatformSinglenodeExample 2022-08-01T17:52:11Z logger.go:66:       "tls" = {
TestTerraformConfluentPlatformSinglenodeExample 2022-08-01T17:52:11Z logger.go:66:         "directoryPathInContainer" = tostring(null)
TestTerraformConfluentPlatformSinglenodeExample 2022-08-01T17:52:11Z logger.go:66:         "enabled" = tobool(null)
TestTerraformConfluentPlatformSinglenodeExample 2022-08-01T17:52:11Z logger.go:66:         "ignoreTrustStoreConfig" = tobool(null)
TestTerraformConfluentPlatformSinglenodeExample 2022-08-01T17:52:11Z logger.go:66:         "jksPassword" = {
TestTerraformConfluentPlatformSinglenodeExample 2022-08-01T17:52:11Z logger.go:66:           "secretRef" = tostring(null)
TestTerraformConfluentPlatformSinglenodeExample 2022-08-01T17:52:11Z logger.go:66:         }
TestTerraformConfluentPlatformSinglenodeExample 2022-08-01T17:52:11Z logger.go:66:         "secretRef" = tostring(null)
TestTerraformConfluentPlatformSinglenodeExample 2022-08-01T17:52:11Z logger.go:66:       }
TestTerraformConfluentPlatformSinglenodeExample 2022-08-01T17:52:11Z logger.go:66:       "url" = tostring(null)
TestTerraformConfluentPlatformSinglenodeExample 2022-08-01T17:52:11Z logger.go:66:     }
TestTerraformConfluentPlatformSinglenodeExample 2022-08-01T17:52:11Z logger.go:66:     "zookeeper" = {
TestTerraformConfluentPlatformSinglenodeExample 2022-08-01T17:52:11Z logger.go:66:       "authentication" = {
TestTerraformConfluentPlatformSinglenodeExample 2022-08-01T17:52:11Z logger.go:66:         "jaasConfig" = {
TestTerraformConfluentPlatformSinglenodeExample 2022-08-01T17:52:11Z logger.go:66:           "secretRef" = tostring(null)
TestTerraformConfluentPlatformSinglenodeExample 2022-08-01T17:52:11Z logger.go:66:         }
TestTerraformConfluentPlatformSinglenodeExample 2022-08-01T17:52:11Z logger.go:66:         "jaasConfigPassThrough" = {
TestTerraformConfluentPlatformSinglenodeExample 2022-08-01T17:52:11Z logger.go:66:           "directoryPathInContainer" = tostring(null)
TestTerraformConfluentPlatformSinglenodeExample 2022-08-01T17:52:11Z logger.go:66:           "secretRef" = tostring(null)
TestTerraformConfluentPlatformSinglenodeExample 2022-08-01T17:52:11Z logger.go:66:         }
TestTerraformConfluentPlatformSinglenodeExample 2022-08-01T17:52:11Z logger.go:66:         "oauthbearer" = {
TestTerraformConfluentPlatformSinglenodeExample 2022-08-01T17:52:11Z logger.go:66:           "directoryPathInContainer" = tostring(null)
TestTerraformConfluentPlatformSinglenodeExample 2022-08-01T17:52:11Z logger.go:66:           "secretRef" = tostring(null)
TestTerraformConfluentPlatformSinglenodeExample 2022-08-01T17:52:11Z logger.go:66:         }
TestTerraformConfluentPlatformSinglenodeExample 2022-08-01T17:52:11Z logger.go:66:         "type" = tostring(null)
TestTerraformConfluentPlatformSinglenodeExample 2022-08-01T17:52:11Z logger.go:66:       }
TestTerraformConfluentPlatformSinglenodeExample 2022-08-01T17:52:11Z logger.go:66:       "discovery" = {
TestTerraformConfluentPlatformSinglenodeExample 2022-08-01T17:52:11Z logger.go:66:         "name" = tostring(null)
TestTerraformConfluentPlatformSinglenodeExample 2022-08-01T17:52:11Z logger.go:66:         "namespace" = tostring(null)
TestTerraformConfluentPlatformSinglenodeExample 2022-08-01T17:52:11Z logger.go:66:         "secretRef" = tostring(null)
TestTerraformConfluentPlatformSinglenodeExample 2022-08-01T17:52:11Z logger.go:66:       }
TestTerraformConfluentPlatformSinglenodeExample 2022-08-01T17:52:11Z logger.go:66:       "endpoint" = tostring(null)
TestTerraformConfluentPlatformSinglenodeExample 2022-08-01T17:52:11Z logger.go:66:       "tls" = {
TestTerraformConfluentPlatformSinglenodeExample 2022-08-01T17:52:11Z logger.go:66:         "directoryPathInContainer" = tostring(null)
TestTerraformConfluentPlatformSinglenodeExample 2022-08-01T17:52:11Z logger.go:66:         "enabled" = tobool(null)
TestTerraformConfluentPlatformSinglenodeExample 2022-08-01T17:52:11Z logger.go:66:         "ignoreTrustStoreConfig" = tobool(null)
TestTerraformConfluentPlatformSinglenodeExample 2022-08-01T17:52:11Z logger.go:66:         "jksPassword" = {
TestTerraformConfluentPlatformSinglenodeExample 2022-08-01T17:52:11Z logger.go:66:           "secretRef" = tostring(null)
TestTerraformConfluentPlatformSinglenodeExample 2022-08-01T17:52:11Z logger.go:66:         }
TestTerraformConfluentPlatformSinglenodeExample 2022-08-01T17:52:11Z logger.go:66:         "secretRef" = tostring(null)
TestTerraformConfluentPlatformSinglenodeExample 2022-08-01T17:52:11Z logger.go:66:       }
TestTerraformConfluentPlatformSinglenodeExample 2022-08-01T17:52:11Z logger.go:66:     }
TestTerraformConfluentPlatformSinglenodeExample 2022-08-01T17:52:11Z logger.go:66:   }
TestTerraformConfluentPlatformSinglenodeExample 2022-08-01T17:52:11Z logger.go:66:   "headlessService" = {
TestTerraformConfluentPlatformSinglenodeExample 2022-08-01T17:52:11Z logger.go:66:     "annotations" = tomap(null) /* of string */
TestTerraformConfluentPlatformSinglenodeExample 2022-08-01T17:52:11Z logger.go:66:     "labels" = tomap(null) /* of string */
TestTerraformConfluentPlatformSinglenodeExample 2022-08-01T17:52:11Z logger.go:66:     "publishNotReadyAddresses" = tobool(null)
TestTerraformConfluentPlatformSinglenodeExample 2022-08-01T17:52:11Z logger.go:66:   }
TestTerraformConfluentPlatformSinglenodeExample 2022-08-01T17:52:11Z logger.go:66:   "identityProvider" = {
TestTerraformConfluentPlatformSinglenodeExample 2022-08-01T17:52:11Z logger.go:66:     "ldap" = {
TestTerraformConfluentPlatformSinglenodeExample 2022-08-01T17:52:11Z logger.go:66:       "address" = tostring(null)
TestTerraformConfluentPlatformSinglenodeExample 2022-08-01T17:52:11Z logger.go:66:       "authentication" = {
TestTerraformConfluentPlatformSinglenodeExample 2022-08-01T17:52:11Z logger.go:66:         "simple" = {
TestTerraformConfluentPlatformSinglenodeExample 2022-08-01T17:52:11Z logger.go:66:           "directoryPathInContainer" = tostring(null)
TestTerraformConfluentPlatformSinglenodeExample 2022-08-01T17:52:11Z logger.go:66:           "secretRef" = tostring(null)
TestTerraformConfluentPlatformSinglenodeExample 2022-08-01T17:52:11Z logger.go:66:         }
TestTerraformConfluentPlatformSinglenodeExample 2022-08-01T17:52:11Z logger.go:66:         "type" = tostring(null)
TestTerraformConfluentPlatformSinglenodeExample 2022-08-01T17:52:11Z logger.go:66:       }
TestTerraformConfluentPlatformSinglenodeExample 2022-08-01T17:52:11Z logger.go:66:       "configurations" = {
TestTerraformConfluentPlatformSinglenodeExample 2022-08-01T17:52:11Z logger.go:66:         "groupMemberAttribute" = tostring(null)
TestTerraformConfluentPlatformSinglenodeExample 2022-08-01T17:52:11Z logger.go:66:         "groupMemberAttributePattern" = tostring(null)
TestTerraformConfluentPlatformSinglenodeExample 2022-08-01T17:52:11Z logger.go:66:         "groupNameAttribute" = tostring(null)
TestTerraformConfluentPlatformSinglenodeExample 2022-08-01T17:52:11Z logger.go:66:         "groupObjectClass" = tostring(null)
TestTerraformConfluentPlatformSinglenodeExample 2022-08-01T17:52:11Z logger.go:66:         "groupSearchBase" = tostring(null)
TestTerraformConfluentPlatformSinglenodeExample 2022-08-01T17:52:11Z logger.go:66:         "groupSearchFilter" = tostring(null)
TestTerraformConfluentPlatformSinglenodeExample 2022-08-01T17:52:11Z logger.go:66:         "groupSearchScope" = tonumber(null)
TestTerraformConfluentPlatformSinglenodeExample 2022-08-01T17:52:11Z logger.go:66:         "userMemberOfAttributePattern" = tostring(null)
TestTerraformConfluentPlatformSinglenodeExample 2022-08-01T17:52:11Z logger.go:66:         "userNameAttribute" = tostring(null)
TestTerraformConfluentPlatformSinglenodeExample 2022-08-01T17:52:11Z logger.go:66:         "userObjectClass" = tostring(null)
TestTerraformConfluentPlatformSinglenodeExample 2022-08-01T17:52:11Z logger.go:66:         "userSearchBase" = tostring(null)
TestTerraformConfluentPlatformSinglenodeExample 2022-08-01T17:52:11Z logger.go:66:         "userSearchFilter" = tostring(null)
TestTerraformConfluentPlatformSinglenodeExample 2022-08-01T17:52:11Z logger.go:66:         "userSearchScope" = tonumber(null)
TestTerraformConfluentPlatformSinglenodeExample 2022-08-01T17:52:11Z logger.go:66:       }
TestTerraformConfluentPlatformSinglenodeExample 2022-08-01T17:52:11Z logger.go:66:       "tls" = {
TestTerraformConfluentPlatformSinglenodeExample 2022-08-01T17:52:11Z logger.go:66:         "directoryPathInContainer" = tostring(null)
TestTerraformConfluentPlatformSinglenodeExample 2022-08-01T17:52:11Z logger.go:66:         "enabled" = tobool(null)
TestTerraformConfluentPlatformSinglenodeExample 2022-08-01T17:52:11Z logger.go:66:         "ignoreTrustStoreConfig" = tobool(null)
TestTerraformConfluentPlatformSinglenodeExample 2022-08-01T17:52:11Z logger.go:66:         "jksPassword" = {
TestTerraformConfluentPlatformSinglenodeExample 2022-08-01T17:52:11Z logger.go:66:           "secretRef" = tostring(null)
TestTerraformConfluentPlatformSinglenodeExample 2022-08-01T17:52:11Z logger.go:66:         }
TestTerraformConfluentPlatformSinglenodeExample 2022-08-01T17:52:11Z logger.go:66:         "secretRef" = tostring(null)
TestTerraformConfluentPlatformSinglenodeExample 2022-08-01T17:52:11Z logger.go:66:       }
TestTerraformConfluentPlatformSinglenodeExample 2022-08-01T17:52:11Z logger.go:66:     }
TestTerraformConfluentPlatformSinglenodeExample 2022-08-01T17:52:11Z logger.go:66:     "type" = tostring(null)
TestTerraformConfluentPlatformSinglenodeExample 2022-08-01T17:52:11Z logger.go:66:   }
TestTerraformConfluentPlatformSinglenodeExample 2022-08-01T17:52:11Z logger.go:66:   "image" = {
TestTerraformConfluentPlatformSinglenodeExample 2022-08-01T17:52:11Z logger.go:66:     "application" = "confluentinc/cp-server:7.2.0"
TestTerraformConfluentPlatformSinglenodeExample 2022-08-01T17:52:11Z logger.go:66:     "init" = "confluentinc/confluent-init-container:2.4.0"
TestTerraformConfluentPlatformSinglenodeExample 2022-08-01T17:52:11Z logger.go:66:     "pullPolicy" = tostring(null)
TestTerraformConfluentPlatformSinglenodeExample 2022-08-01T17:52:11Z logger.go:66:     "pullSecretRef" = tolist(null) /* of string */
TestTerraformConfluentPlatformSinglenodeExample 2022-08-01T17:52:11Z logger.go:66:   }
TestTerraformConfluentPlatformSinglenodeExample 2022-08-01T17:52:11Z logger.go:66:   "injectAnnotations" = tomap(null) /* of string */
TestTerraformConfluentPlatformSinglenodeExample 2022-08-01T17:52:11Z logger.go:66:   "injectLabels" = tomap(null) /* of string */
TestTerraformConfluentPlatformSinglenodeExample 2022-08-01T17:52:11Z logger.go:66:   "k8sClusterDomain" = tostring(null)
TestTerraformConfluentPlatformSinglenodeExample 2022-08-01T17:52:11Z logger.go:66:   "license" = {
TestTerraformConfluentPlatformSinglenodeExample 2022-08-01T17:52:11Z logger.go:66:     "directoryPathInContainer" = tostring(null)
TestTerraformConfluentPlatformSinglenodeExample 2022-08-01T17:52:11Z logger.go:66:     "globalLicense" = tobool(null)
TestTerraformConfluentPlatformSinglenodeExample 2022-08-01T17:52:11Z logger.go:66:     "secretRef" = tostring(null)
TestTerraformConfluentPlatformSinglenodeExample 2022-08-01T17:52:11Z logger.go:66:   }
TestTerraformConfluentPlatformSinglenodeExample 2022-08-01T17:52:11Z logger.go:66:   "listeners" = {
TestTerraformConfluentPlatformSinglenodeExample 2022-08-01T17:52:11Z logger.go:66:     "custom" = tolist(null) /* of object */
TestTerraformConfluentPlatformSinglenodeExample 2022-08-01T17:52:11Z logger.go:66:     "external" = {
TestTerraformConfluentPlatformSinglenodeExample 2022-08-01T17:52:11Z logger.go:66:       "authentication" = {
TestTerraformConfluentPlatformSinglenodeExample 2022-08-01T17:52:11Z logger.go:66:         "jaasConfig" = {
TestTerraformConfluentPlatformSinglenodeExample 2022-08-01T17:52:11Z logger.go:66:           "secretRef" = tostring(null)
TestTerraformConfluentPlatformSinglenodeExample 2022-08-01T17:52:11Z logger.go:66:         }
TestTerraformConfluentPlatformSinglenodeExample 2022-08-01T17:52:11Z logger.go:66:         "jaasConfigPassThrough" = {
TestTerraformConfluentPlatformSinglenodeExample 2022-08-01T17:52:11Z logger.go:66:           "directoryPathInContainer" = tostring(null)
TestTerraformConfluentPlatformSinglenodeExample 2022-08-01T17:52:11Z logger.go:66:           "secretRef" = tostring(null)
TestTerraformConfluentPlatformSinglenodeExample 2022-08-01T17:52:11Z logger.go:66:         }
TestTerraformConfluentPlatformSinglenodeExample 2022-08-01T17:52:11Z logger.go:66:         "principalMappingRules" = tolist(null) /* of string */
TestTerraformConfluentPlatformSinglenodeExample 2022-08-01T17:52:11Z logger.go:66:         "type" = tostring(null)
TestTerraformConfluentPlatformSinglenodeExample 2022-08-01T17:52:11Z logger.go:66:       }
TestTerraformConfluentPlatformSinglenodeExample 2022-08-01T17:52:11Z logger.go:66:       "externalAccess" = {
TestTerraformConfluentPlatformSinglenodeExample 2022-08-01T17:52:11Z logger.go:66:         "loadBalancer" = {
TestTerraformConfluentPlatformSinglenodeExample 2022-08-01T17:52:11Z logger.go:66:           "advertisedPort" = tonumber(null)
TestTerraformConfluentPlatformSinglenodeExample 2022-08-01T17:52:11Z logger.go:66:           "annotations" = tomap(null) /* of string */
TestTerraformConfluentPlatformSinglenodeExample 2022-08-01T17:52:11Z logger.go:66:           "bootstrapPrefix" = tostring(null)
TestTerraformConfluentPlatformSinglenodeExample 2022-08-01T17:52:11Z logger.go:66:           "brokerPrefix" = tostring(null)
TestTerraformConfluentPlatformSinglenodeExample 2022-08-01T17:52:11Z logger.go:66:           "domain" = tostring(null)
TestTerraformConfluentPlatformSinglenodeExample 2022-08-01T17:52:11Z logger.go:66:           "externalTrafficPolicy" = tostring(null)
TestTerraformConfluentPlatformSinglenodeExample 2022-08-01T17:52:11Z logger.go:66:           "labels" = tomap(null) /* of string */
TestTerraformConfluentPlatformSinglenodeExample 2022-08-01T17:52:11Z logger.go:66:           "loadBalancerSourceRanges" = tolist(null) /* of string */
TestTerraformConfluentPlatformSinglenodeExample 2022-08-01T17:52:11Z logger.go:66:           "servicePorts" = tolist(null) /* of object */
TestTerraformConfluentPlatformSinglenodeExample 2022-08-01T17:52:11Z logger.go:66:           "sessionAffinity" = tostring(null)
TestTerraformConfluentPlatformSinglenodeExample 2022-08-01T17:52:11Z logger.go:66:           "sessionAffinityConfig" = {
TestTerraformConfluentPlatformSinglenodeExample 2022-08-01T17:52:11Z logger.go:66:             "clientIP" = {
TestTerraformConfluentPlatformSinglenodeExample 2022-08-01T17:52:11Z logger.go:66:               "timeoutSeconds" = tonumber(null)
TestTerraformConfluentPlatformSinglenodeExample 2022-08-01T17:52:11Z logger.go:66:             }
TestTerraformConfluentPlatformSinglenodeExample 2022-08-01T17:52:11Z logger.go:66:           }
TestTerraformConfluentPlatformSinglenodeExample 2022-08-01T17:52:11Z logger.go:66:         }
TestTerraformConfluentPlatformSinglenodeExample 2022-08-01T17:52:11Z logger.go:66:         "nodePort" = {
TestTerraformConfluentPlatformSinglenodeExample 2022-08-01T17:52:11Z logger.go:66:           "advertisedURL" = {
TestTerraformConfluentPlatformSinglenodeExample 2022-08-01T17:52:11Z logger.go:66:             "enabled" = tobool(null)
TestTerraformConfluentPlatformSinglenodeExample 2022-08-01T17:52:11Z logger.go:66:             "prefix" = tostring(null)
TestTerraformConfluentPlatformSinglenodeExample 2022-08-01T17:52:11Z logger.go:66:           }
TestTerraformConfluentPlatformSinglenodeExample 2022-08-01T17:52:11Z logger.go:66:           "annotations" = tomap(null) /* of string */
TestTerraformConfluentPlatformSinglenodeExample 2022-08-01T17:52:11Z logger.go:66:           "externalTrafficPolicy" = tostring(null)
TestTerraformConfluentPlatformSinglenodeExample 2022-08-01T17:52:11Z logger.go:66:           "host" = tostring(null)
TestTerraformConfluentPlatformSinglenodeExample 2022-08-01T17:52:11Z logger.go:66:           "labels" = tomap(null) /* of string */
TestTerraformConfluentPlatformSinglenodeExample 2022-08-01T17:52:11Z logger.go:66:           "nodePortOffset" = tonumber(null)
TestTerraformConfluentPlatformSinglenodeExample 2022-08-01T17:52:11Z logger.go:66:           "servicePorts" = tolist(null) /* of object */
TestTerraformConfluentPlatformSinglenodeExample 2022-08-01T17:52:11Z logger.go:66:           "sessionAffinity" = tostring(null)
TestTerraformConfluentPlatformSinglenodeExample 2022-08-01T17:52:11Z logger.go:66:           "sessionAffinityConfig" = {
TestTerraformConfluentPlatformSinglenodeExample 2022-08-01T17:52:11Z logger.go:66:             "clientIP" = {
TestTerraformConfluentPlatformSinglenodeExample 2022-08-01T17:52:11Z logger.go:66:               "timeoutSeconds" = tonumber(null)
TestTerraformConfluentPlatformSinglenodeExample 2022-08-01T17:52:11Z logger.go:66:             }
TestTerraformConfluentPlatformSinglenodeExample 2022-08-01T17:52:11Z logger.go:66:           }
TestTerraformConfluentPlatformSinglenodeExample 2022-08-01T17:52:11Z logger.go:66:         }
TestTerraformConfluentPlatformSinglenodeExample 2022-08-01T17:52:11Z logger.go:66:         "route" = {
TestTerraformConfluentPlatformSinglenodeExample 2022-08-01T17:52:11Z logger.go:66:           "annotations" = tomap(null) /* of string */
TestTerraformConfluentPlatformSinglenodeExample 2022-08-01T17:52:11Z logger.go:66:           "bootstrapPrefix" = tostring(null)
TestTerraformConfluentPlatformSinglenodeExample 2022-08-01T17:52:11Z logger.go:66:           "brokerPrefix" = tostring(null)
TestTerraformConfluentPlatformSinglenodeExample 2022-08-01T17:52:11Z logger.go:66:           "domain" = tostring(null)
TestTerraformConfluentPlatformSinglenodeExample 2022-08-01T17:52:11Z logger.go:66:           "labels" = tomap(null) /* of string */
TestTerraformConfluentPlatformSinglenodeExample 2022-08-01T17:52:11Z logger.go:66:           "wildcardPolicy" = tostring(null)
TestTerraformConfluentPlatformSinglenodeExample 2022-08-01T17:52:11Z logger.go:66:         }
TestTerraformConfluentPlatformSinglenodeExample 2022-08-01T17:52:11Z logger.go:66:         "staticForHostBasedRouting" = {
TestTerraformConfluentPlatformSinglenodeExample 2022-08-01T17:52:11Z logger.go:66:           "brokerPrefix" = tostring(null)
TestTerraformConfluentPlatformSinglenodeExample 2022-08-01T17:52:11Z logger.go:66:           "domain" = tostring(null)
TestTerraformConfluentPlatformSinglenodeExample 2022-08-01T17:52:11Z logger.go:66:           "port" = tonumber(null)
TestTerraformConfluentPlatformSinglenodeExample 2022-08-01T17:52:11Z logger.go:66:         }
TestTerraformConfluentPlatformSinglenodeExample 2022-08-01T17:52:11Z logger.go:66:         "staticForPortBasedRouting" = {
TestTerraformConfluentPlatformSinglenodeExample 2022-08-01T17:52:11Z logger.go:66:           "host" = tostring(null)
TestTerraformConfluentPlatformSinglenodeExample 2022-08-01T17:52:11Z logger.go:66:           "portOffset" = tonumber(null)
TestTerraformConfluentPlatformSinglenodeExample 2022-08-01T17:52:11Z logger.go:66:         }
TestTerraformConfluentPlatformSinglenodeExample 2022-08-01T17:52:11Z logger.go:66:         "type" = tostring(null)
TestTerraformConfluentPlatformSinglenodeExample 2022-08-01T17:52:11Z logger.go:66:       }
TestTerraformConfluentPlatformSinglenodeExample 2022-08-01T17:52:11Z logger.go:66:       "tls" = {
TestTerraformConfluentPlatformSinglenodeExample 2022-08-01T17:52:11Z logger.go:66:         "directoryPathInContainer" = tostring(null)
TestTerraformConfluentPlatformSinglenodeExample 2022-08-01T17:52:11Z logger.go:66:         "enabled" = tobool(null)
TestTerraformConfluentPlatformSinglenodeExample 2022-08-01T17:52:11Z logger.go:66:         "ignoreTrustStoreConfig" = tobool(null)
TestTerraformConfluentPlatformSinglenodeExample 2022-08-01T17:52:11Z logger.go:66:         "jksPassword" = {
TestTerraformConfluentPlatformSinglenodeExample 2022-08-01T17:52:11Z logger.go:66:           "secretRef" = tostring(null)
TestTerraformConfluentPlatformSinglenodeExample 2022-08-01T17:52:11Z logger.go:66:         }
TestTerraformConfluentPlatformSinglenodeExample 2022-08-01T17:52:11Z logger.go:66:         "secretRef" = tostring(null)
TestTerraformConfluentPlatformSinglenodeExample 2022-08-01T17:52:11Z logger.go:66:       }
TestTerraformConfluentPlatformSinglenodeExample 2022-08-01T17:52:11Z logger.go:66:     }
TestTerraformConfluentPlatformSinglenodeExample 2022-08-01T17:52:11Z logger.go:66:     "internal" = {
TestTerraformConfluentPlatformSinglenodeExample 2022-08-01T17:52:11Z logger.go:66:       "authentication" = {
TestTerraformConfluentPlatformSinglenodeExample 2022-08-01T17:52:11Z logger.go:66:         "jaasConfig" = {
TestTerraformConfluentPlatformSinglenodeExample 2022-08-01T17:52:11Z logger.go:66:           "secretRef" = tostring(null)
TestTerraformConfluentPlatformSinglenodeExample 2022-08-01T17:52:11Z logger.go:66:         }
TestTerraformConfluentPlatformSinglenodeExample 2022-08-01T17:52:11Z logger.go:66:         "jaasConfigPassThrough" = {
TestTerraformConfluentPlatformSinglenodeExample 2022-08-01T17:52:11Z logger.go:66:           "directoryPathInContainer" = tostring(null)
TestTerraformConfluentPlatformSinglenodeExample 2022-08-01T17:52:11Z logger.go:66:           "secretRef" = tostring(null)
TestTerraformConfluentPlatformSinglenodeExample 2022-08-01T17:52:11Z logger.go:66:         }
TestTerraformConfluentPlatformSinglenodeExample 2022-08-01T17:52:11Z logger.go:66:         "principalMappingRules" = tolist(null) /* of string */
TestTerraformConfluentPlatformSinglenodeExample 2022-08-01T17:52:11Z logger.go:66:         "type" = tostring(null)
TestTerraformConfluentPlatformSinglenodeExample 2022-08-01T17:52:11Z logger.go:66:       }
TestTerraformConfluentPlatformSinglenodeExample 2022-08-01T17:52:11Z logger.go:66:       "tls" = {
TestTerraformConfluentPlatformSinglenodeExample 2022-08-01T17:52:11Z logger.go:66:         "directoryPathInContainer" = tostring(null)
TestTerraformConfluentPlatformSinglenodeExample 2022-08-01T17:52:11Z logger.go:66:         "enabled" = tobool(null)
TestTerraformConfluentPlatformSinglenodeExample 2022-08-01T17:52:11Z logger.go:66:         "ignoreTrustStoreConfig" = tobool(null)
TestTerraformConfluentPlatformSinglenodeExample 2022-08-01T17:52:11Z logger.go:66:         "jksPassword" = {
TestTerraformConfluentPlatformSinglenodeExample 2022-08-01T17:52:11Z logger.go:66:           "secretRef" = tostring(null)
TestTerraformConfluentPlatformSinglenodeExample 2022-08-01T17:52:11Z logger.go:66:         }
TestTerraformConfluentPlatformSinglenodeExample 2022-08-01T17:52:11Z logger.go:66:         "secretRef" = tostring(null)
TestTerraformConfluentPlatformSinglenodeExample 2022-08-01T17:52:11Z logger.go:66:       }
TestTerraformConfluentPlatformSinglenodeExample 2022-08-01T17:52:11Z logger.go:66:     }
TestTerraformConfluentPlatformSinglenodeExample 2022-08-01T17:52:11Z logger.go:66:   }
TestTerraformConfluentPlatformSinglenodeExample 2022-08-01T17:52:11Z logger.go:66:   "metricReporter" = {
TestTerraformConfluentPlatformSinglenodeExample 2022-08-01T17:52:11Z logger.go:66:     "authentication" = {
TestTerraformConfluentPlatformSinglenodeExample 2022-08-01T17:52:11Z logger.go:66:       "jaasConfig" = {
TestTerraformConfluentPlatformSinglenodeExample 2022-08-01T17:52:11Z logger.go:66:         "secretRef" = tostring(null)
TestTerraformConfluentPlatformSinglenodeExample 2022-08-01T17:52:11Z logger.go:66:       }
TestTerraformConfluentPlatformSinglenodeExample 2022-08-01T17:52:11Z logger.go:66:       "jaasConfigPassThrough" = {
TestTerraformConfluentPlatformSinglenodeExample 2022-08-01T17:52:11Z logger.go:66:         "directoryPathInContainer" = tostring(null)
TestTerraformConfluentPlatformSinglenodeExample 2022-08-01T17:52:11Z logger.go:66:         "secretRef" = tostring(null)
TestTerraformConfluentPlatformSinglenodeExample 2022-08-01T17:52:11Z logger.go:66:       }
TestTerraformConfluentPlatformSinglenodeExample 2022-08-01T17:52:11Z logger.go:66:       "oauthbearer" = {
TestTerraformConfluentPlatformSinglenodeExample 2022-08-01T17:52:11Z logger.go:66:         "directoryPathInContainer" = tostring(null)
TestTerraformConfluentPlatformSinglenodeExample 2022-08-01T17:52:11Z logger.go:66:         "secretRef" = tostring(null)
TestTerraformConfluentPlatformSinglenodeExample 2022-08-01T17:52:11Z logger.go:66:       }
TestTerraformConfluentPlatformSinglenodeExample 2022-08-01T17:52:11Z logger.go:66:       "type" = tostring(null)
TestTerraformConfluentPlatformSinglenodeExample 2022-08-01T17:52:11Z logger.go:66:     }
TestTerraformConfluentPlatformSinglenodeExample 2022-08-01T17:52:11Z logger.go:66:     "bootstrapEndpoint" = tostring(null)
TestTerraformConfluentPlatformSinglenodeExample 2022-08-01T17:52:11Z logger.go:66:     "enabled" = true
TestTerraformConfluentPlatformSinglenodeExample 2022-08-01T17:52:11Z logger.go:66:     "replicationFactor" = tonumber(null)
TestTerraformConfluentPlatformSinglenodeExample 2022-08-01T17:52:11Z logger.go:66:     "tls" = {
TestTerraformConfluentPlatformSinglenodeExample 2022-08-01T17:52:11Z logger.go:66:       "directoryPathInContainer" = tostring(null)
TestTerraformConfluentPlatformSinglenodeExample 2022-08-01T17:52:11Z logger.go:66:       "enabled" = tobool(null)
TestTerraformConfluentPlatformSinglenodeExample 2022-08-01T17:52:11Z logger.go:66:       "ignoreTrustStoreConfig" = tobool(null)
TestTerraformConfluentPlatformSinglenodeExample 2022-08-01T17:52:11Z logger.go:66:       "jksPassword" = {
TestTerraformConfluentPlatformSinglenodeExample 2022-08-01T17:52:11Z logger.go:66:         "secretRef" = tostring(null)
TestTerraformConfluentPlatformSinglenodeExample 2022-08-01T17:52:11Z logger.go:66:       }
TestTerraformConfluentPlatformSinglenodeExample 2022-08-01T17:52:11Z logger.go:66:       "secretRef" = tostring(null)
TestTerraformConfluentPlatformSinglenodeExample 2022-08-01T17:52:11Z logger.go:66:     }
TestTerraformConfluentPlatformSinglenodeExample 2022-08-01T17:52:11Z logger.go:66:   }
TestTerraformConfluentPlatformSinglenodeExample 2022-08-01T17:52:11Z logger.go:66:   "metrics" = {
TestTerraformConfluentPlatformSinglenodeExample 2022-08-01T17:52:11Z logger.go:66:     "authentication" = {
TestTerraformConfluentPlatformSinglenodeExample 2022-08-01T17:52:11Z logger.go:66:       "type" = tostring(null)
TestTerraformConfluentPlatformSinglenodeExample 2022-08-01T17:52:11Z logger.go:66:     }
TestTerraformConfluentPlatformSinglenodeExample 2022-08-01T17:52:11Z logger.go:66:     "prometheus" = {
TestTerraformConfluentPlatformSinglenodeExample 2022-08-01T17:52:11Z logger.go:66:       "blacklist" = tolist(null) /* of string */
TestTerraformConfluentPlatformSinglenodeExample 2022-08-01T17:52:11Z logger.go:66:       "rules" = tolist(null) /* of object */
TestTerraformConfluentPlatformSinglenodeExample 2022-08-01T17:52:11Z logger.go:66:       "whitelist" = tolist(null) /* of string */
TestTerraformConfluentPlatformSinglenodeExample 2022-08-01T17:52:11Z logger.go:66:     }
TestTerraformConfluentPlatformSinglenodeExample 2022-08-01T17:52:11Z logger.go:66:     "tls" = {
TestTerraformConfluentPlatformSinglenodeExample 2022-08-01T17:52:11Z logger.go:66:       "directoryPathInContainer" = tostring(null)
TestTerraformConfluentPlatformSinglenodeExample 2022-08-01T17:52:11Z logger.go:66:       "enabled" = tobool(null)
TestTerraformConfluentPlatformSinglenodeExample 2022-08-01T17:52:11Z logger.go:66:       "ignoreTrustStoreConfig" = tobool(null)
TestTerraformConfluentPlatformSinglenodeExample 2022-08-01T17:52:11Z logger.go:66:       "jksPassword" = {
TestTerraformConfluentPlatformSinglenodeExample 2022-08-01T17:52:11Z logger.go:66:         "secretRef" = tostring(null)
TestTerraformConfluentPlatformSinglenodeExample 2022-08-01T17:52:11Z logger.go:66:       }
TestTerraformConfluentPlatformSinglenodeExample 2022-08-01T17:52:11Z logger.go:66:       "secretRef" = tostring(null)
TestTerraformConfluentPlatformSinglenodeExample 2022-08-01T17:52:11Z logger.go:66:     }
TestTerraformConfluentPlatformSinglenodeExample 2022-08-01T17:52:11Z logger.go:66:   }
TestTerraformConfluentPlatformSinglenodeExample 2022-08-01T17:52:11Z logger.go:66:   "mountedSecrets" = tolist(null) /* of object */
TestTerraformConfluentPlatformSinglenodeExample 2022-08-01T17:52:11Z logger.go:66:   "mountedVolumes" = {
TestTerraformConfluentPlatformSinglenodeExample 2022-08-01T17:52:11Z logger.go:66:     "volumeMounts" = tolist(null) /* of object */
TestTerraformConfluentPlatformSinglenodeExample 2022-08-01T17:52:11Z logger.go:66:     "volumes" = null /* tuple */
TestTerraformConfluentPlatformSinglenodeExample 2022-08-01T17:52:11Z logger.go:66:   }
TestTerraformConfluentPlatformSinglenodeExample 2022-08-01T17:52:11Z logger.go:66:   "oneReplicaPerNode" = tobool(null)
TestTerraformConfluentPlatformSinglenodeExample 2022-08-01T17:52:11Z logger.go:66:   "passwordEncoder" = {
TestTerraformConfluentPlatformSinglenodeExample 2022-08-01T17:52:11Z logger.go:66:     "directoryPathInContainer" = tostring(null)
TestTerraformConfluentPlatformSinglenodeExample 2022-08-01T17:52:11Z logger.go:66:     "secretRef" = tostring(null)
TestTerraformConfluentPlatformSinglenodeExample 2022-08-01T17:52:11Z logger.go:66:   }
TestTerraformConfluentPlatformSinglenodeExample 2022-08-01T17:52:11Z logger.go:66:   "podTemplate" = {
TestTerraformConfluentPlatformSinglenodeExample 2022-08-01T17:52:11Z logger.go:66:     "affinity" = {
TestTerraformConfluentPlatformSinglenodeExample 2022-08-01T17:52:11Z logger.go:66:       "nodeAffinity" = {
TestTerraformConfluentPlatformSinglenodeExample 2022-08-01T17:52:11Z logger.go:66:         "preferredDuringSchedulingIgnoredDuringExecution" = tolist(null) /* of object */
TestTerraformConfluentPlatformSinglenodeExample 2022-08-01T17:52:11Z logger.go:66:         "requiredDuringSchedulingIgnoredDuringExecution" = {
TestTerraformConfluentPlatformSinglenodeExample 2022-08-01T17:52:11Z logger.go:66:           "nodeSelectorTerms" = tolist(null) /* of object */
TestTerraformConfluentPlatformSinglenodeExample 2022-08-01T17:52:11Z logger.go:66:         }
TestTerraformConfluentPlatformSinglenodeExample 2022-08-01T17:52:11Z logger.go:66:       }
TestTerraformConfluentPlatformSinglenodeExample 2022-08-01T17:52:11Z logger.go:66:       "podAffinity" = {
TestTerraformConfluentPlatformSinglenodeExample 2022-08-01T17:52:11Z logger.go:66:         "preferredDuringSchedulingIgnoredDuringExecution" = tolist(null) /* of object */
TestTerraformConfluentPlatformSinglenodeExample 2022-08-01T17:52:11Z logger.go:66:         "requiredDuringSchedulingIgnoredDuringExecution" = tolist(null) /* of object */
TestTerraformConfluentPlatformSinglenodeExample 2022-08-01T17:52:11Z logger.go:66:       }
TestTerraformConfluentPlatformSinglenodeExample 2022-08-01T17:52:11Z logger.go:66:       "podAntiAffinity" = {
TestTerraformConfluentPlatformSinglenodeExample 2022-08-01T17:52:11Z logger.go:66:         "preferredDuringSchedulingIgnoredDuringExecution" = tolist(null) /* of object */
TestTerraformConfluentPlatformSinglenodeExample 2022-08-01T17:52:11Z logger.go:66:         "requiredDuringSchedulingIgnoredDuringExecution" = tolist(null) /* of object */
TestTerraformConfluentPlatformSinglenodeExample 2022-08-01T17:52:11Z logger.go:66:       }
TestTerraformConfluentPlatformSinglenodeExample 2022-08-01T17:52:11Z logger.go:66:     }
TestTerraformConfluentPlatformSinglenodeExample 2022-08-01T17:52:11Z logger.go:66:     "annotations" = tomap(null) /* of string */
TestTerraformConfluentPlatformSinglenodeExample 2022-08-01T17:52:11Z logger.go:66:     "envVars" = tolist(null) /* of object */
TestTerraformConfluentPlatformSinglenodeExample 2022-08-01T17:52:11Z logger.go:66:     "labels" = tomap(null) /* of string */
TestTerraformConfluentPlatformSinglenodeExample 2022-08-01T17:52:11Z logger.go:66:     "podSecurityContext" = {
TestTerraformConfluentPlatformSinglenodeExample 2022-08-01T17:52:11Z logger.go:66:       "fsGroup" = 1000
TestTerraformConfluentPlatformSinglenodeExample 2022-08-01T17:52:11Z logger.go:66:       "fsGroupChangePolicy" = tostring(null)
TestTerraformConfluentPlatformSinglenodeExample 2022-08-01T17:52:11Z logger.go:66:       "runAsGroup" = tonumber(null)
TestTerraformConfluentPlatformSinglenodeExample 2022-08-01T17:52:11Z logger.go:66:       "runAsNonRoot" = true
TestTerraformConfluentPlatformSinglenodeExample 2022-08-01T17:52:11Z logger.go:66:       "runAsUser" = 1000
TestTerraformConfluentPlatformSinglenodeExample 2022-08-01T17:52:11Z logger.go:66:       "seLinuxOptions" = {
TestTerraformConfluentPlatformSinglenodeExample 2022-08-01T17:52:11Z logger.go:66:         "level" = tostring(null)
TestTerraformConfluentPlatformSinglenodeExample 2022-08-01T17:52:11Z logger.go:66:         "role" = tostring(null)
TestTerraformConfluentPlatformSinglenodeExample 2022-08-01T17:52:11Z logger.go:66:         "type" = tostring(null)
TestTerraformConfluentPlatformSinglenodeExample 2022-08-01T17:52:11Z logger.go:66:         "user" = tostring(null)
TestTerraformConfluentPlatformSinglenodeExample 2022-08-01T17:52:11Z logger.go:66:       }
TestTerraformConfluentPlatformSinglenodeExample 2022-08-01T17:52:11Z logger.go:66:       "seccompProfile" = {
TestTerraformConfluentPlatformSinglenodeExample 2022-08-01T17:52:11Z logger.go:66:         "localhostProfile" = tostring(null)
TestTerraformConfluentPlatformSinglenodeExample 2022-08-01T17:52:11Z logger.go:66:         "type" = tostring(null)
TestTerraformConfluentPlatformSinglenodeExample 2022-08-01T17:52:11Z logger.go:66:       }
TestTerraformConfluentPlatformSinglenodeExample 2022-08-01T17:52:11Z logger.go:66:       "supplementalGroups" = tolist(null) /* of number */
TestTerraformConfluentPlatformSinglenodeExample 2022-08-01T17:52:11Z logger.go:66:       "sysctls" = tolist(null) /* of object */
TestTerraformConfluentPlatformSinglenodeExample 2022-08-01T17:52:11Z logger.go:66:       "windowsOptions" = {
TestTerraformConfluentPlatformSinglenodeExample 2022-08-01T17:52:11Z logger.go:66:         "gmsaCredentialSpec" = tostring(null)
TestTerraformConfluentPlatformSinglenodeExample 2022-08-01T17:52:11Z logger.go:66:         "gmsaCredentialSpecName" = tostring(null)
TestTerraformConfluentPlatformSinglenodeExample 2022-08-01T17:52:11Z logger.go:66:         "hostProcess" = tobool(null)
TestTerraformConfluentPlatformSinglenodeExample 2022-08-01T17:52:11Z logger.go:66:         "runAsUserName" = tostring(null)
TestTerraformConfluentPlatformSinglenodeExample 2022-08-01T17:52:11Z logger.go:66:       }
TestTerraformConfluentPlatformSinglenodeExample 2022-08-01T17:52:11Z logger.go:66:     }
TestTerraformConfluentPlatformSinglenodeExample 2022-08-01T17:52:11Z logger.go:66:     "priorityClassName" = tostring(null)
TestTerraformConfluentPlatformSinglenodeExample 2022-08-01T17:52:11Z logger.go:66:     "probe" = {
TestTerraformConfluentPlatformSinglenodeExample 2022-08-01T17:52:11Z logger.go:66:       "liveness" = {
TestTerraformConfluentPlatformSinglenodeExample 2022-08-01T17:52:11Z logger.go:66:         "failureThreshold" = tonumber(null)
TestTerraformConfluentPlatformSinglenodeExample 2022-08-01T17:52:11Z logger.go:66:         "initialDelaySeconds" = tonumber(null)
TestTerraformConfluentPlatformSinglenodeExample 2022-08-01T17:52:11Z logger.go:66:         "periodSeconds" = tonumber(null)
TestTerraformConfluentPlatformSinglenodeExample 2022-08-01T17:52:11Z logger.go:66:         "successThreshold" = tonumber(null)
TestTerraformConfluentPlatformSinglenodeExample 2022-08-01T17:52:11Z logger.go:66:         "timeoutSeconds" = tonumber(null)
TestTerraformConfluentPlatformSinglenodeExample 2022-08-01T17:52:11Z logger.go:66:       }
TestTerraformConfluentPlatformSinglenodeExample 2022-08-01T17:52:11Z logger.go:66:       "readiness" = {
TestTerraformConfluentPlatformSinglenodeExample 2022-08-01T17:52:11Z logger.go:66:         "failureThreshold" = tonumber(null)
TestTerraformConfluentPlatformSinglenodeExample 2022-08-01T17:52:11Z logger.go:66:         "initialDelaySeconds" = tonumber(null)
TestTerraformConfluentPlatformSinglenodeExample 2022-08-01T17:52:11Z logger.go:66:         "periodSeconds" = tonumber(null)
TestTerraformConfluentPlatformSinglenodeExample 2022-08-01T17:52:11Z logger.go:66:         "successThreshold" = tonumber(null)
TestTerraformConfluentPlatformSinglenodeExample 2022-08-01T17:52:11Z logger.go:66:         "timeoutSeconds" = tonumber(null)
TestTerraformConfluentPlatformSinglenodeExample 2022-08-01T17:52:11Z logger.go:66:       }
TestTerraformConfluentPlatformSinglenodeExample 2022-08-01T17:52:11Z logger.go:66:     }
TestTerraformConfluentPlatformSinglenodeExample 2022-08-01T17:52:11Z logger.go:66:     "resources" = {
TestTerraformConfluentPlatformSinglenodeExample 2022-08-01T17:52:11Z logger.go:66:       "limits" = tomap(null) /* of string */
TestTerraformConfluentPlatformSinglenodeExample 2022-08-01T17:52:11Z logger.go:66:       "requests" = tomap({
TestTerraformConfluentPlatformSinglenodeExample 2022-08-01T17:52:11Z logger.go:66:         "cpu" = "200m"
TestTerraformConfluentPlatformSinglenodeExample 2022-08-01T17:52:11Z logger.go:66:         "memory" = "512Mi"
TestTerraformConfluentPlatformSinglenodeExample 2022-08-01T17:52:11Z logger.go:66:       })
TestTerraformConfluentPlatformSinglenodeExample 2022-08-01T17:52:11Z logger.go:66:     }
TestTerraformConfluentPlatformSinglenodeExample 2022-08-01T17:52:11Z logger.go:66:     "securityContext" = {
TestTerraformConfluentPlatformSinglenodeExample 2022-08-01T17:52:11Z logger.go:66:       "allowPrivilegeEscalation" = tobool(null)
TestTerraformConfluentPlatformSinglenodeExample 2022-08-01T17:52:11Z logger.go:66:       "capabilities" = {
TestTerraformConfluentPlatformSinglenodeExample 2022-08-01T17:52:11Z logger.go:66:         "add" = tolist(null) /* of string */
TestTerraformConfluentPlatformSinglenodeExample 2022-08-01T17:52:11Z logger.go:66:         "drop" = tolist(null) /* of string */
TestTerraformConfluentPlatformSinglenodeExample 2022-08-01T17:52:11Z logger.go:66:       }
TestTerraformConfluentPlatformSinglenodeExample 2022-08-01T17:52:11Z logger.go:66:       "privileged" = tobool(null)
TestTerraformConfluentPlatformSinglenodeExample 2022-08-01T17:52:11Z logger.go:66:       "procMount" = tostring(null)
TestTerraformConfluentPlatformSinglenodeExample 2022-08-01T17:52:11Z logger.go:66:       "readOnlyRootFilesystem" = tobool(null)
TestTerraformConfluentPlatformSinglenodeExample 2022-08-01T17:52:11Z logger.go:66:       "runAsGroup" = tonumber(null)
TestTerraformConfluentPlatformSinglenodeExample 2022-08-01T17:52:11Z logger.go:66:       "runAsNonRoot" = tobool(null)
TestTerraformConfluentPlatformSinglenodeExample 2022-08-01T17:52:11Z logger.go:66:       "runAsUser" = tonumber(null)
TestTerraformConfluentPlatformSinglenodeExample 2022-08-01T17:52:11Z logger.go:66:       "seLinuxOptions" = {
TestTerraformConfluentPlatformSinglenodeExample 2022-08-01T17:52:11Z logger.go:66:         "level" = tostring(null)
TestTerraformConfluentPlatformSinglenodeExample 2022-08-01T17:52:11Z logger.go:66:         "role" = tostring(null)
TestTerraformConfluentPlatformSinglenodeExample 2022-08-01T17:52:11Z logger.go:66:         "type" = tostring(null)
TestTerraformConfluentPlatformSinglenodeExample 2022-08-01T17:52:11Z logger.go:66:         "user" = tostring(null)
TestTerraformConfluentPlatformSinglenodeExample 2022-08-01T17:52:11Z logger.go:66:       }
TestTerraformConfluentPlatformSinglenodeExample 2022-08-01T17:52:11Z logger.go:66:       "seccompProfile" = {
TestTerraformConfluentPlatformSinglenodeExample 2022-08-01T17:52:11Z logger.go:66:         "localhostProfile" = tostring(null)
TestTerraformConfluentPlatformSinglenodeExample 2022-08-01T17:52:11Z logger.go:66:         "type" = tostring(null)
TestTerraformConfluentPlatformSinglenodeExample 2022-08-01T17:52:11Z logger.go:66:       }
TestTerraformConfluentPlatformSinglenodeExample 2022-08-01T17:52:11Z logger.go:66:       "windowsOptions" = {
TestTerraformConfluentPlatformSinglenodeExample 2022-08-01T17:52:11Z logger.go:66:         "gmsaCredentialSpec" = tostring(null)
TestTerraformConfluentPlatformSinglenodeExample 2022-08-01T17:52:11Z logger.go:66:         "gmsaCredentialSpecName" = tostring(null)
TestTerraformConfluentPlatformSinglenodeExample 2022-08-01T17:52:11Z logger.go:66:         "hostProcess" = tobool(null)
TestTerraformConfluentPlatformSinglenodeExample 2022-08-01T17:52:11Z logger.go:66:         "runAsUserName" = tostring(null)
TestTerraformConfluentPlatformSinglenodeExample 2022-08-01T17:52:11Z logger.go:66:       }
TestTerraformConfluentPlatformSinglenodeExample 2022-08-01T17:52:11Z logger.go:66:     }
TestTerraformConfluentPlatformSinglenodeExample 2022-08-01T17:52:11Z logger.go:66:     "serviceAccountName" = tostring(null)
TestTerraformConfluentPlatformSinglenodeExample 2022-08-01T17:52:11Z logger.go:66:     "terminationGracePeriodSeconds" = tonumber(null)
TestTerraformConfluentPlatformSinglenodeExample 2022-08-01T17:52:11Z logger.go:66:     "tolerations" = tolist(null) /* of object */
TestTerraformConfluentPlatformSinglenodeExample 2022-08-01T17:52:11Z logger.go:66:     "topologySpreadConstraints" = tolist(null) /* of object */
TestTerraformConfluentPlatformSinglenodeExample 2022-08-01T17:52:11Z logger.go:66:   }
TestTerraformConfluentPlatformSinglenodeExample 2022-08-01T17:52:11Z logger.go:66:   "rackAssignment" = {
TestTerraformConfluentPlatformSinglenodeExample 2022-08-01T17:52:11Z logger.go:66:     "availabilityZoneCount" = tonumber(null)
TestTerraformConfluentPlatformSinglenodeExample 2022-08-01T17:52:11Z logger.go:66:     "nodeLabels" = tolist(null) /* of string */
TestTerraformConfluentPlatformSinglenodeExample 2022-08-01T17:52:11Z logger.go:66:   }
TestTerraformConfluentPlatformSinglenodeExample 2022-08-01T17:52:11Z logger.go:66:   "replicas" = 1
TestTerraformConfluentPlatformSinglenodeExample 2022-08-01T17:52:11Z logger.go:66:   "services" = {
TestTerraformConfluentPlatformSinglenodeExample 2022-08-01T17:52:11Z logger.go:66:     "kafkaRest" = {
TestTerraformConfluentPlatformSinglenodeExample 2022-08-01T17:52:11Z logger.go:66:       "authentication" = {
TestTerraformConfluentPlatformSinglenodeExample 2022-08-01T17:52:11Z logger.go:66:         "basic" = {
TestTerraformConfluentPlatformSinglenodeExample 2022-08-01T17:52:11Z logger.go:66:           "debug" = tobool(null)
TestTerraformConfluentPlatformSinglenodeExample 2022-08-01T17:52:11Z logger.go:66:           "directoryPathInContainer" = tostring(null)
TestTerraformConfluentPlatformSinglenodeExample 2022-08-01T17:52:11Z logger.go:66:           "restrictedRoles" = tolist(null) /* of string */
TestTerraformConfluentPlatformSinglenodeExample 2022-08-01T17:52:11Z logger.go:66:           "roles" = tolist(null) /* of string */
TestTerraformConfluentPlatformSinglenodeExample 2022-08-01T17:52:11Z logger.go:66:           "secretRef" = tostring(null)
TestTerraformConfluentPlatformSinglenodeExample 2022-08-01T17:52:11Z logger.go:66:         }
TestTerraformConfluentPlatformSinglenodeExample 2022-08-01T17:52:11Z logger.go:66:         "type" = tostring(null)
TestTerraformConfluentPlatformSinglenodeExample 2022-08-01T17:52:11Z logger.go:66:       }
TestTerraformConfluentPlatformSinglenodeExample 2022-08-01T17:52:11Z logger.go:66:       "externalAccess" = {
TestTerraformConfluentPlatformSinglenodeExample 2022-08-01T17:52:11Z logger.go:66:         "loadBalancer" = {
TestTerraformConfluentPlatformSinglenodeExample 2022-08-01T17:52:11Z logger.go:66:           "advertisedURL" = {
TestTerraformConfluentPlatformSinglenodeExample 2022-08-01T17:52:11Z logger.go:66:             "enabled" = tobool(null)
TestTerraformConfluentPlatformSinglenodeExample 2022-08-01T17:52:11Z logger.go:66:             "prefix" = tostring(null)
TestTerraformConfluentPlatformSinglenodeExample 2022-08-01T17:52:11Z logger.go:66:           }
TestTerraformConfluentPlatformSinglenodeExample 2022-08-01T17:52:11Z logger.go:66:           "annotations" = tomap(null) /* of string */
TestTerraformConfluentPlatformSinglenodeExample 2022-08-01T17:52:11Z logger.go:66:           "domain" = tostring(null)
TestTerraformConfluentPlatformSinglenodeExample 2022-08-01T17:52:11Z logger.go:66:           "externalTrafficPolicy" = tostring(null)
TestTerraformConfluentPlatformSinglenodeExample 2022-08-01T17:52:11Z logger.go:66:           "labels" = tomap(null) /* of string */
TestTerraformConfluentPlatformSinglenodeExample 2022-08-01T17:52:11Z logger.go:66:           "loadBalancerSourceRanges" = tolist(null) /* of string */
TestTerraformConfluentPlatformSinglenodeExample 2022-08-01T17:52:11Z logger.go:66:           "port" = tonumber(null)
TestTerraformConfluentPlatformSinglenodeExample 2022-08-01T17:52:11Z logger.go:66:           "prefix" = tostring(null)
TestTerraformConfluentPlatformSinglenodeExample 2022-08-01T17:52:11Z logger.go:66:           "servicePorts" = tolist(null) /* of object */
TestTerraformConfluentPlatformSinglenodeExample 2022-08-01T17:52:11Z logger.go:66:           "sessionAffinity" = tostring(null)
TestTerraformConfluentPlatformSinglenodeExample 2022-08-01T17:52:11Z logger.go:66:           "sessionAffinityConfig" = {
TestTerraformConfluentPlatformSinglenodeExample 2022-08-01T17:52:11Z logger.go:66:             "clientIP" = {
TestTerraformConfluentPlatformSinglenodeExample 2022-08-01T17:52:11Z logger.go:66:               "timeoutSeconds" = tonumber(null)
TestTerraformConfluentPlatformSinglenodeExample 2022-08-01T17:52:11Z logger.go:66:             }
TestTerraformConfluentPlatformSinglenodeExample 2022-08-01T17:52:11Z logger.go:66:           }
TestTerraformConfluentPlatformSinglenodeExample 2022-08-01T17:52:11Z logger.go:66:         }
TestTerraformConfluentPlatformSinglenodeExample 2022-08-01T17:52:11Z logger.go:66:         "nodePort" = {
TestTerraformConfluentPlatformSinglenodeExample 2022-08-01T17:52:11Z logger.go:66:           "advertisedURL" = {
TestTerraformConfluentPlatformSinglenodeExample 2022-08-01T17:52:11Z logger.go:66:             "enabled" = tobool(null)
TestTerraformConfluentPlatformSinglenodeExample 2022-08-01T17:52:11Z logger.go:66:             "prefix" = tostring(null)
TestTerraformConfluentPlatformSinglenodeExample 2022-08-01T17:52:11Z logger.go:66:           }
TestTerraformConfluentPlatformSinglenodeExample 2022-08-01T17:52:11Z logger.go:66:           "annotations" = tomap(null) /* of string */
TestTerraformConfluentPlatformSinglenodeExample 2022-08-01T17:52:11Z logger.go:66:           "externalTrafficPolicy" = tostring(null)
TestTerraformConfluentPlatformSinglenodeExample 2022-08-01T17:52:11Z logger.go:66:           "host" = tostring(null)
TestTerraformConfluentPlatformSinglenodeExample 2022-08-01T17:52:11Z logger.go:66:           "labels" = tomap(null) /* of string */
TestTerraformConfluentPlatformSinglenodeExample 2022-08-01T17:52:11Z logger.go:66:           "nodePortOffset" = tonumber(null)
TestTerraformConfluentPlatformSinglenodeExample 2022-08-01T17:52:11Z logger.go:66:           "servicePorts" = tolist(null) /* of object */
TestTerraformConfluentPlatformSinglenodeExample 2022-08-01T17:52:11Z logger.go:66:           "sessionAffinity" = tostring(null)
TestTerraformConfluentPlatformSinglenodeExample 2022-08-01T17:52:11Z logger.go:66:           "sessionAffinityConfig" = {
TestTerraformConfluentPlatformSinglenodeExample 2022-08-01T17:52:11Z logger.go:66:             "clientIP" = {
TestTerraformConfluentPlatformSinglenodeExample 2022-08-01T17:52:11Z logger.go:66:               "timeoutSeconds" = tonumber(null)
TestTerraformConfluentPlatformSinglenodeExample 2022-08-01T17:52:11Z logger.go:66:             }
TestTerraformConfluentPlatformSinglenodeExample 2022-08-01T17:52:11Z logger.go:66:           }
TestTerraformConfluentPlatformSinglenodeExample 2022-08-01T17:52:11Z logger.go:66:         }
TestTerraformConfluentPlatformSinglenodeExample 2022-08-01T17:52:11Z logger.go:66:         "route" = {
TestTerraformConfluentPlatformSinglenodeExample 2022-08-01T17:52:11Z logger.go:66:           "annotations" = tomap(null) /* of string */
TestTerraformConfluentPlatformSinglenodeExample 2022-08-01T17:52:11Z logger.go:66:           "domain" = tostring(null)
TestTerraformConfluentPlatformSinglenodeExample 2022-08-01T17:52:11Z logger.go:66:           "labels" = tomap(null) /* of string */
TestTerraformConfluentPlatformSinglenodeExample 2022-08-01T17:52:11Z logger.go:66:           "prefix" = tostring(null)
TestTerraformConfluentPlatformSinglenodeExample 2022-08-01T17:52:11Z logger.go:66:           "wildcardPolicy" = tostring(null)
TestTerraformConfluentPlatformSinglenodeExample 2022-08-01T17:52:11Z logger.go:66:         }
TestTerraformConfluentPlatformSinglenodeExample 2022-08-01T17:52:11Z logger.go:66:         "type" = tostring(null)
TestTerraformConfluentPlatformSinglenodeExample 2022-08-01T17:52:11Z logger.go:66:       }
TestTerraformConfluentPlatformSinglenodeExample 2022-08-01T17:52:11Z logger.go:66:       "tls" = {
TestTerraformConfluentPlatformSinglenodeExample 2022-08-01T17:52:11Z logger.go:66:         "directoryPathInContainer" = tostring(null)
TestTerraformConfluentPlatformSinglenodeExample 2022-08-01T17:52:11Z logger.go:66:         "enabled" = tobool(null)
TestTerraformConfluentPlatformSinglenodeExample 2022-08-01T17:52:11Z logger.go:66:         "ignoreTrustStoreConfig" = tobool(null)
TestTerraformConfluentPlatformSinglenodeExample 2022-08-01T17:52:11Z logger.go:66:         "jksPassword" = {
TestTerraformConfluentPlatformSinglenodeExample 2022-08-01T17:52:11Z logger.go:66:           "secretRef" = tostring(null)
TestTerraformConfluentPlatformSinglenodeExample 2022-08-01T17:52:11Z logger.go:66:         }
TestTerraformConfluentPlatformSinglenodeExample 2022-08-01T17:52:11Z logger.go:66:         "secretRef" = tostring(null)
TestTerraformConfluentPlatformSinglenodeExample 2022-08-01T17:52:11Z logger.go:66:       }
TestTerraformConfluentPlatformSinglenodeExample 2022-08-01T17:52:11Z logger.go:66:     }
TestTerraformConfluentPlatformSinglenodeExample 2022-08-01T17:52:11Z logger.go:66:     "mds" = {
TestTerraformConfluentPlatformSinglenodeExample 2022-08-01T17:52:11Z logger.go:66:       "authentication" = {
TestTerraformConfluentPlatformSinglenodeExample 2022-08-01T17:52:11Z logger.go:66:         "type" = tostring(null)
TestTerraformConfluentPlatformSinglenodeExample 2022-08-01T17:52:11Z logger.go:66:       }
TestTerraformConfluentPlatformSinglenodeExample 2022-08-01T17:52:11Z logger.go:66:       "externalAccess" = {
TestTerraformConfluentPlatformSinglenodeExample 2022-08-01T17:52:11Z logger.go:66:         "loadBalancer" = {
TestTerraformConfluentPlatformSinglenodeExample 2022-08-01T17:52:11Z logger.go:66:           "advertisedURL" = {
TestTerraformConfluentPlatformSinglenodeExample 2022-08-01T17:52:11Z logger.go:66:             "enabled" = tobool(null)
TestTerraformConfluentPlatformSinglenodeExample 2022-08-01T17:52:11Z logger.go:66:             "prefix" = tostring(null)
TestTerraformConfluentPlatformSinglenodeExample 2022-08-01T17:52:11Z logger.go:66:           }
TestTerraformConfluentPlatformSinglenodeExample 2022-08-01T17:52:11Z logger.go:66:           "annotations" = tomap(null) /* of string */
TestTerraformConfluentPlatformSinglenodeExample 2022-08-01T17:52:11Z logger.go:66:           "domain" = tostring(null)
TestTerraformConfluentPlatformSinglenodeExample 2022-08-01T17:52:11Z logger.go:66:           "externalTrafficPolicy" = tostring(null)
TestTerraformConfluentPlatformSinglenodeExample 2022-08-01T17:52:11Z logger.go:66:           "labels" = tomap(null) /* of string */
TestTerraformConfluentPlatformSinglenodeExample 2022-08-01T17:52:11Z logger.go:66:           "loadBalancerSourceRanges" = tolist(null) /* of string */
TestTerraformConfluentPlatformSinglenodeExample 2022-08-01T17:52:11Z logger.go:66:           "port" = tonumber(null)
TestTerraformConfluentPlatformSinglenodeExample 2022-08-01T17:52:11Z logger.go:66:           "prefix" = tostring(null)
TestTerraformConfluentPlatformSinglenodeExample 2022-08-01T17:52:11Z logger.go:66:           "servicePorts" = tolist(null) /* of object */
TestTerraformConfluentPlatformSinglenodeExample 2022-08-01T17:52:11Z logger.go:66:           "sessionAffinity" = tostring(null)
TestTerraformConfluentPlatformSinglenodeExample 2022-08-01T17:52:11Z logger.go:66:           "sessionAffinityConfig" = {
TestTerraformConfluentPlatformSinglenodeExample 2022-08-01T17:52:11Z logger.go:66:             "clientIP" = {
TestTerraformConfluentPlatformSinglenodeExample 2022-08-01T17:52:11Z logger.go:66:               "timeoutSeconds" = tonumber(null)
TestTerraformConfluentPlatformSinglenodeExample 2022-08-01T17:52:11Z logger.go:66:             }
TestTerraformConfluentPlatformSinglenodeExample 2022-08-01T17:52:11Z logger.go:66:           }
TestTerraformConfluentPlatformSinglenodeExample 2022-08-01T17:52:11Z logger.go:66:         }
TestTerraformConfluentPlatformSinglenodeExample 2022-08-01T17:52:11Z logger.go:66:         "nodePort" = {
TestTerraformConfluentPlatformSinglenodeExample 2022-08-01T17:52:11Z logger.go:66:           "advertisedURL" = {
TestTerraformConfluentPlatformSinglenodeExample 2022-08-01T17:52:11Z logger.go:66:             "enabled" = tobool(null)
TestTerraformConfluentPlatformSinglenodeExample 2022-08-01T17:52:11Z logger.go:66:             "prefix" = tostring(null)
TestTerraformConfluentPlatformSinglenodeExample 2022-08-01T17:52:11Z logger.go:66:           }
TestTerraformConfluentPlatformSinglenodeExample 2022-08-01T17:52:11Z logger.go:66:           "annotations" = tomap(null) /* of string */
TestTerraformConfluentPlatformSinglenodeExample 2022-08-01T17:52:11Z logger.go:66:           "externalTrafficPolicy" = tostring(null)
TestTerraformConfluentPlatformSinglenodeExample 2022-08-01T17:52:11Z logger.go:66:           "host" = tostring(null)
TestTerraformConfluentPlatformSinglenodeExample 2022-08-01T17:52:11Z logger.go:66:           "labels" = tomap(null) /* of string */
TestTerraformConfluentPlatformSinglenodeExample 2022-08-01T17:52:11Z logger.go:66:           "nodePortOffset" = tonumber(null)
TestTerraformConfluentPlatformSinglenodeExample 2022-08-01T17:52:11Z logger.go:66:           "servicePorts" = tolist(null) /* of object */
TestTerraformConfluentPlatformSinglenodeExample 2022-08-01T17:52:11Z logger.go:66:           "sessionAffinity" = tostring(null)
TestTerraformConfluentPlatformSinglenodeExample 2022-08-01T17:52:11Z logger.go:66:           "sessionAffinityConfig" = {
TestTerraformConfluentPlatformSinglenodeExample 2022-08-01T17:52:11Z logger.go:66:             "clientIP" = {
TestTerraformConfluentPlatformSinglenodeExample 2022-08-01T17:52:11Z logger.go:66:               "timeoutSeconds" = tonumber(null)
TestTerraformConfluentPlatformSinglenodeExample 2022-08-01T17:52:11Z logger.go:66:             }
TestTerraformConfluentPlatformSinglenodeExample 2022-08-01T17:52:11Z logger.go:66:           }
TestTerraformConfluentPlatformSinglenodeExample 2022-08-01T17:52:11Z logger.go:66:         }
TestTerraformConfluentPlatformSinglenodeExample 2022-08-01T17:52:11Z logger.go:66:         "route" = {
TestTerraformConfluentPlatformSinglenodeExample 2022-08-01T17:52:11Z logger.go:66:           "annotations" = tomap(null) /* of string */
TestTerraformConfluentPlatformSinglenodeExample 2022-08-01T17:52:11Z logger.go:66:           "domain" = tostring(null)
TestTerraformConfluentPlatformSinglenodeExample 2022-08-01T17:52:11Z logger.go:66:           "labels" = tomap(null) /* of string */
TestTerraformConfluentPlatformSinglenodeExample 2022-08-01T17:52:11Z logger.go:66:           "prefix" = tostring(null)
TestTerraformConfluentPlatformSinglenodeExample 2022-08-01T17:52:11Z logger.go:66:           "wildcardPolicy" = tostring(null)
TestTerraformConfluentPlatformSinglenodeExample 2022-08-01T17:52:11Z logger.go:66:         }
TestTerraformConfluentPlatformSinglenodeExample 2022-08-01T17:52:11Z logger.go:66:         "type" = tostring(null)
TestTerraformConfluentPlatformSinglenodeExample 2022-08-01T17:52:11Z logger.go:66:       }
TestTerraformConfluentPlatformSinglenodeExample 2022-08-01T17:52:11Z logger.go:66:       "provider" = {
TestTerraformConfluentPlatformSinglenodeExample 2022-08-01T17:52:11Z logger.go:66:         "ldap" = {
TestTerraformConfluentPlatformSinglenodeExample 2022-08-01T17:52:11Z logger.go:66:           "address" = tostring(null)
TestTerraformConfluentPlatformSinglenodeExample 2022-08-01T17:52:11Z logger.go:66:           "authentication" = {
TestTerraformConfluentPlatformSinglenodeExample 2022-08-01T17:52:11Z logger.go:66:             "simple" = {
TestTerraformConfluentPlatformSinglenodeExample 2022-08-01T17:52:11Z logger.go:66:               "directoryPathInContainer" = tostring(null)
TestTerraformConfluentPlatformSinglenodeExample 2022-08-01T17:52:11Z logger.go:66:               "secretRef" = tostring(null)
TestTerraformConfluentPlatformSinglenodeExample 2022-08-01T17:52:11Z logger.go:66:             }
TestTerraformConfluentPlatformSinglenodeExample 2022-08-01T17:52:11Z logger.go:66:             "type" = tostring(null)
TestTerraformConfluentPlatformSinglenodeExample 2022-08-01T17:52:11Z logger.go:66:           }
TestTerraformConfluentPlatformSinglenodeExample 2022-08-01T17:52:11Z logger.go:66:           "configurations" = {
TestTerraformConfluentPlatformSinglenodeExample 2022-08-01T17:52:11Z logger.go:66:             "groupMemberAttribute" = tostring(null)
TestTerraformConfluentPlatformSinglenodeExample 2022-08-01T17:52:11Z logger.go:66:             "groupMemberAttributePattern" = tostring(null)
TestTerraformConfluentPlatformSinglenodeExample 2022-08-01T17:52:11Z logger.go:66:             "groupNameAttribute" = tostring(null)
TestTerraformConfluentPlatformSinglenodeExample 2022-08-01T17:52:11Z logger.go:66:             "groupObjectClass" = tostring(null)
TestTerraformConfluentPlatformSinglenodeExample 2022-08-01T17:52:11Z logger.go:66:             "groupSearchBase" = tostring(null)
TestTerraformConfluentPlatformSinglenodeExample 2022-08-01T17:52:11Z logger.go:66:             "groupSearchFilter" = tostring(null)
TestTerraformConfluentPlatformSinglenodeExample 2022-08-01T17:52:11Z logger.go:66:             "groupSearchScope" = tonumber(null)
TestTerraformConfluentPlatformSinglenodeExample 2022-08-01T17:52:11Z logger.go:66:             "userMemberOfAttributePattern" = tostring(null)
TestTerraformConfluentPlatformSinglenodeExample 2022-08-01T17:52:11Z logger.go:66:             "userNameAttribute" = tostring(null)
TestTerraformConfluentPlatformSinglenodeExample 2022-08-01T17:52:11Z logger.go:66:             "userObjectClass" = tostring(null)
TestTerraformConfluentPlatformSinglenodeExample 2022-08-01T17:52:11Z logger.go:66:             "userSearchBase" = tostring(null)
TestTerraformConfluentPlatformSinglenodeExample 2022-08-01T17:52:11Z logger.go:66:             "userSearchFilter" = tostring(null)
TestTerraformConfluentPlatformSinglenodeExample 2022-08-01T17:52:11Z logger.go:66:             "userSearchScope" = tonumber(null)
TestTerraformConfluentPlatformSinglenodeExample 2022-08-01T17:52:11Z logger.go:66:           }
TestTerraformConfluentPlatformSinglenodeExample 2022-08-01T17:52:11Z logger.go:66:           "tls" = {
TestTerraformConfluentPlatformSinglenodeExample 2022-08-01T17:52:11Z logger.go:66:             "directoryPathInContainer" = tostring(null)
TestTerraformConfluentPlatformSinglenodeExample 2022-08-01T17:52:11Z logger.go:66:             "enabled" = tobool(null)
TestTerraformConfluentPlatformSinglenodeExample 2022-08-01T17:52:11Z logger.go:66:             "ignoreTrustStoreConfig" = tobool(null)
TestTerraformConfluentPlatformSinglenodeExample 2022-08-01T17:52:11Z logger.go:66:             "jksPassword" = {
TestTerraformConfluentPlatformSinglenodeExample 2022-08-01T17:52:11Z logger.go:66:               "secretRef" = tostring(null)
TestTerraformConfluentPlatformSinglenodeExample 2022-08-01T17:52:11Z logger.go:66:             }
TestTerraformConfluentPlatformSinglenodeExample 2022-08-01T17:52:11Z logger.go:66:             "secretRef" = tostring(null)
TestTerraformConfluentPlatformSinglenodeExample 2022-08-01T17:52:11Z logger.go:66:           }
TestTerraformConfluentPlatformSinglenodeExample 2022-08-01T17:52:11Z logger.go:66:         }
TestTerraformConfluentPlatformSinglenodeExample 2022-08-01T17:52:11Z logger.go:66:         "type" = tostring(null)
TestTerraformConfluentPlatformSinglenodeExample 2022-08-01T17:52:11Z logger.go:66:       }
TestTerraformConfluentPlatformSinglenodeExample 2022-08-01T17:52:11Z logger.go:66:       "tls" = {
TestTerraformConfluentPlatformSinglenodeExample 2022-08-01T17:52:11Z logger.go:66:         "directoryPathInContainer" = tostring(null)
TestTerraformConfluentPlatformSinglenodeExample 2022-08-01T17:52:11Z logger.go:66:         "enabled" = tobool(null)
TestTerraformConfluentPlatformSinglenodeExample 2022-08-01T17:52:11Z logger.go:66:         "ignoreTrustStoreConfig" = tobool(null)
TestTerraformConfluentPlatformSinglenodeExample 2022-08-01T17:52:11Z logger.go:66:         "jksPassword" = {
TestTerraformConfluentPlatformSinglenodeExample 2022-08-01T17:52:11Z logger.go:66:           "secretRef" = tostring(null)
TestTerraformConfluentPlatformSinglenodeExample 2022-08-01T17:52:11Z logger.go:66:         }
TestTerraformConfluentPlatformSinglenodeExample 2022-08-01T17:52:11Z logger.go:66:         "secretRef" = tostring(null)
TestTerraformConfluentPlatformSinglenodeExample 2022-08-01T17:52:11Z logger.go:66:       }
TestTerraformConfluentPlatformSinglenodeExample 2022-08-01T17:52:11Z logger.go:66:       "tokenKeyPair" = {
TestTerraformConfluentPlatformSinglenodeExample 2022-08-01T17:52:11Z logger.go:66:         "directoryPathInContainer" = tostring(null)
TestTerraformConfluentPlatformSinglenodeExample 2022-08-01T17:52:11Z logger.go:66:         "secretRef" = tostring(null)
TestTerraformConfluentPlatformSinglenodeExample 2022-08-01T17:52:11Z logger.go:66:       }
TestTerraformConfluentPlatformSinglenodeExample 2022-08-01T17:52:11Z logger.go:66:     }
TestTerraformConfluentPlatformSinglenodeExample 2022-08-01T17:52:11Z logger.go:66:   }
TestTerraformConfluentPlatformSinglenodeExample 2022-08-01T17:52:11Z logger.go:66:   "storageClass" = {
TestTerraformConfluentPlatformSinglenodeExample 2022-08-01T17:52:11Z logger.go:66:     "name" = tostring(null)
TestTerraformConfluentPlatformSinglenodeExample 2022-08-01T17:52:11Z logger.go:66:   }
TestTerraformConfluentPlatformSinglenodeExample 2022-08-01T17:52:11Z logger.go:66:   "telemetry" = {
TestTerraformConfluentPlatformSinglenodeExample 2022-08-01T17:52:11Z logger.go:66:     "global" = tobool(null)
TestTerraformConfluentPlatformSinglenodeExample 2022-08-01T17:52:11Z logger.go:66:   }
TestTerraformConfluentPlatformSinglenodeExample 2022-08-01T17:52:11Z logger.go:66:   "tls" = {
TestTerraformConfluentPlatformSinglenodeExample 2022-08-01T17:52:11Z logger.go:66:     "autoGeneratedCerts" = tobool(null)
TestTerraformConfluentPlatformSinglenodeExample 2022-08-01T17:52:11Z logger.go:66:     "directoryPathInContainer" = tostring(null)
TestTerraformConfluentPlatformSinglenodeExample 2022-08-01T17:52:11Z logger.go:66:     "ignoreTrustStoreConfig" = tobool(null)
TestTerraformConfluentPlatformSinglenodeExample 2022-08-01T17:52:11Z logger.go:66:     "jksPassword" = {
TestTerraformConfluentPlatformSinglenodeExample 2022-08-01T17:52:11Z logger.go:66:       "secretRef" = tostring(null)
TestTerraformConfluentPlatformSinglenodeExample 2022-08-01T17:52:11Z logger.go:66:     }
TestTerraformConfluentPlatformSinglenodeExample 2022-08-01T17:52:11Z logger.go:66:     "secretRef" = tostring(null)
TestTerraformConfluentPlatformSinglenodeExample 2022-08-01T17:52:11Z logger.go:66:   }
TestTerraformConfluentPlatformSinglenodeExample 2022-08-01T17:52:11Z logger.go:66: }
TestTerraformConfluentPlatformSinglenodeExample 2022-08-01T17:52:11Z logger.go:66: kafkarestproxy = {
TestTerraformConfluentPlatformSinglenodeExample 2022-08-01T17:52:11Z logger.go:66:   "authentication" = {
TestTerraformConfluentPlatformSinglenodeExample 2022-08-01T17:52:11Z logger.go:66:     "basic" = {
TestTerraformConfluentPlatformSinglenodeExample 2022-08-01T17:52:11Z logger.go:66:       "debug" = tobool(null)
TestTerraformConfluentPlatformSinglenodeExample 2022-08-01T17:52:11Z logger.go:66:       "directoryPathInContainer" = tostring(null)
TestTerraformConfluentPlatformSinglenodeExample 2022-08-01T17:52:11Z logger.go:66:       "restrictedRoles" = tolist(null) /* of string */
TestTerraformConfluentPlatformSinglenodeExample 2022-08-01T17:52:11Z logger.go:66:       "roles" = tolist(null) /* of string */
TestTerraformConfluentPlatformSinglenodeExample 2022-08-01T17:52:11Z logger.go:66:       "secretRef" = tostring(null)
TestTerraformConfluentPlatformSinglenodeExample 2022-08-01T17:52:11Z logger.go:66:     }
TestTerraformConfluentPlatformSinglenodeExample 2022-08-01T17:52:11Z logger.go:66:     "type" = tostring(null)
TestTerraformConfluentPlatformSinglenodeExample 2022-08-01T17:52:11Z logger.go:66:   }
TestTerraformConfluentPlatformSinglenodeExample 2022-08-01T17:52:11Z logger.go:66:   "authorization" = {
TestTerraformConfluentPlatformSinglenodeExample 2022-08-01T17:52:11Z logger.go:66:     "kafkaRestClassRef" = {
TestTerraformConfluentPlatformSinglenodeExample 2022-08-01T17:52:11Z logger.go:66:       "name" = tostring(null)
TestTerraformConfluentPlatformSinglenodeExample 2022-08-01T17:52:11Z logger.go:66:       "namespace" = tostring(null)
TestTerraformConfluentPlatformSinglenodeExample 2022-08-01T17:52:11Z logger.go:66:     }
TestTerraformConfluentPlatformSinglenodeExample 2022-08-01T17:52:11Z logger.go:66:     "type" = tostring(null)
TestTerraformConfluentPlatformSinglenodeExample 2022-08-01T17:52:11Z logger.go:66:   }
TestTerraformConfluentPlatformSinglenodeExample 2022-08-01T17:52:11Z logger.go:66:   "configOverrides" = {
TestTerraformConfluentPlatformSinglenodeExample 2022-08-01T17:52:11Z logger.go:66:     "jvm" = tolist(null) /* of string */
TestTerraformConfluentPlatformSinglenodeExample 2022-08-01T17:52:11Z logger.go:66:     "log4j" = tolist(null) /* of string */
TestTerraformConfluentPlatformSinglenodeExample 2022-08-01T17:52:11Z logger.go:66:     "server" = tolist(null) /* of string */
TestTerraformConfluentPlatformSinglenodeExample 2022-08-01T17:52:11Z logger.go:66:   }
TestTerraformConfluentPlatformSinglenodeExample 2022-08-01T17:52:11Z logger.go:66:   "dependencies" = {
TestTerraformConfluentPlatformSinglenodeExample 2022-08-01T17:52:11Z logger.go:66:     "interceptor" = {
TestTerraformConfluentPlatformSinglenodeExample 2022-08-01T17:52:11Z logger.go:66:       "configs" = tolist(null) /* of string */
TestTerraformConfluentPlatformSinglenodeExample 2022-08-01T17:52:11Z logger.go:66:       "consumer" = {
TestTerraformConfluentPlatformSinglenodeExample 2022-08-01T17:52:11Z logger.go:66:         "authentication" = {
TestTerraformConfluentPlatformSinglenodeExample 2022-08-01T17:52:11Z logger.go:66:           "jaasConfig" = {
TestTerraformConfluentPlatformSinglenodeExample 2022-08-01T17:52:11Z logger.go:66:             "secretRef" = tostring(null)
TestTerraformConfluentPlatformSinglenodeExample 2022-08-01T17:52:11Z logger.go:66:           }
TestTerraformConfluentPlatformSinglenodeExample 2022-08-01T17:52:11Z logger.go:66:           "jaasConfigPassThrough" = {
TestTerraformConfluentPlatformSinglenodeExample 2022-08-01T17:52:11Z logger.go:66:             "directoryPathInContainer" = tostring(null)
TestTerraformConfluentPlatformSinglenodeExample 2022-08-01T17:52:11Z logger.go:66:             "secretRef" = tostring(null)
TestTerraformConfluentPlatformSinglenodeExample 2022-08-01T17:52:11Z logger.go:66:           }
TestTerraformConfluentPlatformSinglenodeExample 2022-08-01T17:52:11Z logger.go:66:           "oauthbearer" = {
TestTerraformConfluentPlatformSinglenodeExample 2022-08-01T17:52:11Z logger.go:66:             "directoryPathInContainer" = tostring(null)
TestTerraformConfluentPlatformSinglenodeExample 2022-08-01T17:52:11Z logger.go:66:             "secretRef" = tostring(null)
TestTerraformConfluentPlatformSinglenodeExample 2022-08-01T17:52:11Z logger.go:66:           }
TestTerraformConfluentPlatformSinglenodeExample 2022-08-01T17:52:11Z logger.go:66:           "type" = tostring(null)
TestTerraformConfluentPlatformSinglenodeExample 2022-08-01T17:52:11Z logger.go:66:         }
TestTerraformConfluentPlatformSinglenodeExample 2022-08-01T17:52:11Z logger.go:66:         "bootstrapEndpoint" = tostring(null)
TestTerraformConfluentPlatformSinglenodeExample 2022-08-01T17:52:11Z logger.go:66:         "discovery" = {
TestTerraformConfluentPlatformSinglenodeExample 2022-08-01T17:52:11Z logger.go:66:           "name" = tostring(null)
TestTerraformConfluentPlatformSinglenodeExample 2022-08-01T17:52:11Z logger.go:66:           "namespace" = tostring(null)
TestTerraformConfluentPlatformSinglenodeExample 2022-08-01T17:52:11Z logger.go:66:           "secretRef" = tostring(null)
TestTerraformConfluentPlatformSinglenodeExample 2022-08-01T17:52:11Z logger.go:66:         }
TestTerraformConfluentPlatformSinglenodeExample 2022-08-01T17:52:11Z logger.go:66:         "tls" = {
TestTerraformConfluentPlatformSinglenodeExample 2022-08-01T17:52:11Z logger.go:66:           "directoryPathInContainer" = tostring(null)
TestTerraformConfluentPlatformSinglenodeExample 2022-08-01T17:52:11Z logger.go:66:           "enabled" = tobool(null)
TestTerraformConfluentPlatformSinglenodeExample 2022-08-01T17:52:11Z logger.go:66:           "ignoreTrustStoreConfig" = tobool(null)
TestTerraformConfluentPlatformSinglenodeExample 2022-08-01T17:52:11Z logger.go:66:           "jksPassword" = {
TestTerraformConfluentPlatformSinglenodeExample 2022-08-01T17:52:11Z logger.go:66:             "secretRef" = tostring(null)
TestTerraformConfluentPlatformSinglenodeExample 2022-08-01T17:52:11Z logger.go:66:           }
TestTerraformConfluentPlatformSinglenodeExample 2022-08-01T17:52:11Z logger.go:66:           "secretRef" = tostring(null)
TestTerraformConfluentPlatformSinglenodeExample 2022-08-01T17:52:11Z logger.go:66:         }
TestTerraformConfluentPlatformSinglenodeExample 2022-08-01T17:52:11Z logger.go:66:       }
TestTerraformConfluentPlatformSinglenodeExample 2022-08-01T17:52:11Z logger.go:66:       "enabled" = tobool(null)
TestTerraformConfluentPlatformSinglenodeExample 2022-08-01T17:52:11Z logger.go:66:       "producer" = {
TestTerraformConfluentPlatformSinglenodeExample 2022-08-01T17:52:11Z logger.go:66:         "authentication" = {
TestTerraformConfluentPlatformSinglenodeExample 2022-08-01T17:52:11Z logger.go:66:           "jaasConfig" = {
TestTerraformConfluentPlatformSinglenodeExample 2022-08-01T17:52:11Z logger.go:66:             "secretRef" = tostring(null)
TestTerraformConfluentPlatformSinglenodeExample 2022-08-01T17:52:11Z logger.go:66:           }
TestTerraformConfluentPlatformSinglenodeExample 2022-08-01T17:52:11Z logger.go:66:           "jaasConfigPassThrough" = {
TestTerraformConfluentPlatformSinglenodeExample 2022-08-01T17:52:11Z logger.go:66:             "directoryPathInContainer" = tostring(null)
TestTerraformConfluentPlatformSinglenodeExample 2022-08-01T17:52:11Z logger.go:66:             "secretRef" = tostring(null)
TestTerraformConfluentPlatformSinglenodeExample 2022-08-01T17:52:11Z logger.go:66:           }
TestTerraformConfluentPlatformSinglenodeExample 2022-08-01T17:52:11Z logger.go:66:           "oauthbearer" = {
TestTerraformConfluentPlatformSinglenodeExample 2022-08-01T17:52:11Z logger.go:66:             "directoryPathInContainer" = tostring(null)
TestTerraformConfluentPlatformSinglenodeExample 2022-08-01T17:52:11Z logger.go:66:             "secretRef" = tostring(null)
TestTerraformConfluentPlatformSinglenodeExample 2022-08-01T17:52:11Z logger.go:66:           }
TestTerraformConfluentPlatformSinglenodeExample 2022-08-01T17:52:11Z logger.go:66:           "type" = tostring(null)
TestTerraformConfluentPlatformSinglenodeExample 2022-08-01T17:52:11Z logger.go:66:         }
TestTerraformConfluentPlatformSinglenodeExample 2022-08-01T17:52:11Z logger.go:66:         "bootstrapEndpoint" = tostring(null)
TestTerraformConfluentPlatformSinglenodeExample 2022-08-01T17:52:11Z logger.go:66:         "discovery" = {
TestTerraformConfluentPlatformSinglenodeExample 2022-08-01T17:52:11Z logger.go:66:           "name" = tostring(null)
TestTerraformConfluentPlatformSinglenodeExample 2022-08-01T17:52:11Z logger.go:66:           "namespace" = tostring(null)
TestTerraformConfluentPlatformSinglenodeExample 2022-08-01T17:52:11Z logger.go:66:           "secretRef" = tostring(null)
TestTerraformConfluentPlatformSinglenodeExample 2022-08-01T17:52:11Z logger.go:66:         }
TestTerraformConfluentPlatformSinglenodeExample 2022-08-01T17:52:11Z logger.go:66:         "tls" = {
TestTerraformConfluentPlatformSinglenodeExample 2022-08-01T17:52:11Z logger.go:66:           "directoryPathInContainer" = tostring(null)
TestTerraformConfluentPlatformSinglenodeExample 2022-08-01T17:52:11Z logger.go:66:           "enabled" = tobool(null)
TestTerraformConfluentPlatformSinglenodeExample 2022-08-01T17:52:11Z logger.go:66:           "ignoreTrustStoreConfig" = tobool(null)
TestTerraformConfluentPlatformSinglenodeExample 2022-08-01T17:52:11Z logger.go:66:           "jksPassword" = {
TestTerraformConfluentPlatformSinglenodeExample 2022-08-01T17:52:11Z logger.go:66:             "secretRef" = tostring(null)
TestTerraformConfluentPlatformSinglenodeExample 2022-08-01T17:52:11Z logger.go:66:           }
TestTerraformConfluentPlatformSinglenodeExample 2022-08-01T17:52:11Z logger.go:66:           "secretRef" = tostring(null)
TestTerraformConfluentPlatformSinglenodeExample 2022-08-01T17:52:11Z logger.go:66:         }
TestTerraformConfluentPlatformSinglenodeExample 2022-08-01T17:52:11Z logger.go:66:       }
TestTerraformConfluentPlatformSinglenodeExample 2022-08-01T17:52:11Z logger.go:66:       "publishMs" = tonumber(null)
TestTerraformConfluentPlatformSinglenodeExample 2022-08-01T17:52:11Z logger.go:66:     }
TestTerraformConfluentPlatformSinglenodeExample 2022-08-01T17:52:11Z logger.go:66:     "kafka" = {
TestTerraformConfluentPlatformSinglenodeExample 2022-08-01T17:52:11Z logger.go:66:       "authentication" = {
TestTerraformConfluentPlatformSinglenodeExample 2022-08-01T17:52:11Z logger.go:66:         "jaasConfig" = {
TestTerraformConfluentPlatformSinglenodeExample 2022-08-01T17:52:11Z logger.go:66:           "secretRef" = tostring(null)
TestTerraformConfluentPlatformSinglenodeExample 2022-08-01T17:52:11Z logger.go:66:         }
TestTerraformConfluentPlatformSinglenodeExample 2022-08-01T17:52:11Z logger.go:66:         "jaasConfigPassThrough" = {
TestTerraformConfluentPlatformSinglenodeExample 2022-08-01T17:52:11Z logger.go:66:           "directoryPathInContainer" = tostring(null)
TestTerraformConfluentPlatformSinglenodeExample 2022-08-01T17:52:11Z logger.go:66:           "secretRef" = tostring(null)
TestTerraformConfluentPlatformSinglenodeExample 2022-08-01T17:52:11Z logger.go:66:         }
TestTerraformConfluentPlatformSinglenodeExample 2022-08-01T17:52:11Z logger.go:66:         "oauthbearer" = {
TestTerraformConfluentPlatformSinglenodeExample 2022-08-01T17:52:11Z logger.go:66:           "directoryPathInContainer" = tostring(null)
TestTerraformConfluentPlatformSinglenodeExample 2022-08-01T17:52:11Z logger.go:66:           "secretRef" = tostring(null)
TestTerraformConfluentPlatformSinglenodeExample 2022-08-01T17:52:11Z logger.go:66:         }
TestTerraformConfluentPlatformSinglenodeExample 2022-08-01T17:52:11Z logger.go:66:         "type" = tostring(null)
TestTerraformConfluentPlatformSinglenodeExample 2022-08-01T17:52:11Z logger.go:66:       }
TestTerraformConfluentPlatformSinglenodeExample 2022-08-01T17:52:11Z logger.go:66:       "bootstrapEndpoint" = tostring(null)
TestTerraformConfluentPlatformSinglenodeExample 2022-08-01T17:52:11Z logger.go:66:       "discovery" = {
TestTerraformConfluentPlatformSinglenodeExample 2022-08-01T17:52:11Z logger.go:66:         "name" = tostring(null)
TestTerraformConfluentPlatformSinglenodeExample 2022-08-01T17:52:11Z logger.go:66:         "namespace" = tostring(null)
TestTerraformConfluentPlatformSinglenodeExample 2022-08-01T17:52:11Z logger.go:66:         "secretRef" = tostring(null)
TestTerraformConfluentPlatformSinglenodeExample 2022-08-01T17:52:11Z logger.go:66:       }
TestTerraformConfluentPlatformSinglenodeExample 2022-08-01T17:52:11Z logger.go:66:       "tls" = {
TestTerraformConfluentPlatformSinglenodeExample 2022-08-01T17:52:11Z logger.go:66:         "directoryPathInContainer" = tostring(null)
TestTerraformConfluentPlatformSinglenodeExample 2022-08-01T17:52:11Z logger.go:66:         "enabled" = tobool(null)
TestTerraformConfluentPlatformSinglenodeExample 2022-08-01T17:52:11Z logger.go:66:         "ignoreTrustStoreConfig" = tobool(null)
TestTerraformConfluentPlatformSinglenodeExample 2022-08-01T17:52:11Z logger.go:66:         "jksPassword" = {
TestTerraformConfluentPlatformSinglenodeExample 2022-08-01T17:52:11Z logger.go:66:           "secretRef" = tostring(null)
TestTerraformConfluentPlatformSinglenodeExample 2022-08-01T17:52:11Z logger.go:66:         }
TestTerraformConfluentPlatformSinglenodeExample 2022-08-01T17:52:11Z logger.go:66:         "secretRef" = tostring(null)
TestTerraformConfluentPlatformSinglenodeExample 2022-08-01T17:52:11Z logger.go:66:       }
TestTerraformConfluentPlatformSinglenodeExample 2022-08-01T17:52:11Z logger.go:66:     }
TestTerraformConfluentPlatformSinglenodeExample 2022-08-01T17:52:11Z logger.go:66:     "mds" = {
TestTerraformConfluentPlatformSinglenodeExample 2022-08-01T17:52:11Z logger.go:66:       "authentication" = {
TestTerraformConfluentPlatformSinglenodeExample 2022-08-01T17:52:11Z logger.go:66:         "bearer" = {
TestTerraformConfluentPlatformSinglenodeExample 2022-08-01T17:52:11Z logger.go:66:           "directoryPathInContainer" = tostring(null)
TestTerraformConfluentPlatformSinglenodeExample 2022-08-01T17:52:11Z logger.go:66:           "secretRef" = tostring(null)
TestTerraformConfluentPlatformSinglenodeExample 2022-08-01T17:52:11Z logger.go:66:         }
TestTerraformConfluentPlatformSinglenodeExample 2022-08-01T17:52:11Z logger.go:66:         "type" = tostring(null)
TestTerraformConfluentPlatformSinglenodeExample 2022-08-01T17:52:11Z logger.go:66:       }
TestTerraformConfluentPlatformSinglenodeExample 2022-08-01T17:52:11Z logger.go:66:       "endpoint" = tostring(null)
TestTerraformConfluentPlatformSinglenodeExample 2022-08-01T17:52:11Z logger.go:66:       "tls" = {
TestTerraformConfluentPlatformSinglenodeExample 2022-08-01T17:52:11Z logger.go:66:         "directoryPathInContainer" = tostring(null)
TestTerraformConfluentPlatformSinglenodeExample 2022-08-01T17:52:11Z logger.go:66:         "enabled" = tobool(null)
TestTerraformConfluentPlatformSinglenodeExample 2022-08-01T17:52:11Z logger.go:66:         "ignoreTrustStoreConfig" = tobool(null)
TestTerraformConfluentPlatformSinglenodeExample 2022-08-01T17:52:11Z logger.go:66:         "jksPassword" = {
TestTerraformConfluentPlatformSinglenodeExample 2022-08-01T17:52:11Z logger.go:66:           "secretRef" = tostring(null)
TestTerraformConfluentPlatformSinglenodeExample 2022-08-01T17:52:11Z logger.go:66:         }
TestTerraformConfluentPlatformSinglenodeExample 2022-08-01T17:52:11Z logger.go:66:         "secretRef" = tostring(null)
TestTerraformConfluentPlatformSinglenodeExample 2022-08-01T17:52:11Z logger.go:66:       }
TestTerraformConfluentPlatformSinglenodeExample 2022-08-01T17:52:11Z logger.go:66:       "tokenKeyPair" = {
TestTerraformConfluentPlatformSinglenodeExample 2022-08-01T17:52:11Z logger.go:66:         "directoryPathInContainer" = tostring(null)
TestTerraformConfluentPlatformSinglenodeExample 2022-08-01T17:52:11Z logger.go:66:         "secretRef" = tostring(null)
TestTerraformConfluentPlatformSinglenodeExample 2022-08-01T17:52:11Z logger.go:66:       }
TestTerraformConfluentPlatformSinglenodeExample 2022-08-01T17:52:11Z logger.go:66:     }
TestTerraformConfluentPlatformSinglenodeExample 2022-08-01T17:52:11Z logger.go:66:     "schemaRegistry" = {
TestTerraformConfluentPlatformSinglenodeExample 2022-08-01T17:52:11Z logger.go:66:       "authentication" = {
TestTerraformConfluentPlatformSinglenodeExample 2022-08-01T17:52:11Z logger.go:66:         "basic" = {
TestTerraformConfluentPlatformSinglenodeExample 2022-08-01T17:52:11Z logger.go:66:           "debug" = tobool(null)
TestTerraformConfluentPlatformSinglenodeExample 2022-08-01T17:52:11Z logger.go:66:           "directoryPathInContainer" = tostring(null)
TestTerraformConfluentPlatformSinglenodeExample 2022-08-01T17:52:11Z logger.go:66:           "restrictedRoles" = tolist(null) /* of string */
TestTerraformConfluentPlatformSinglenodeExample 2022-08-01T17:52:11Z logger.go:66:           "roles" = tolist(null) /* of string */
TestTerraformConfluentPlatformSinglenodeExample 2022-08-01T17:52:11Z logger.go:66:           "secretRef" = tostring(null)
TestTerraformConfluentPlatformSinglenodeExample 2022-08-01T17:52:11Z logger.go:66:         }
TestTerraformConfluentPlatformSinglenodeExample 2022-08-01T17:52:11Z logger.go:66:         "type" = tostring(null)
TestTerraformConfluentPlatformSinglenodeExample 2022-08-01T17:52:11Z logger.go:66:       }
TestTerraformConfluentPlatformSinglenodeExample 2022-08-01T17:52:11Z logger.go:66:       "tls" = {
TestTerraformConfluentPlatformSinglenodeExample 2022-08-01T17:52:11Z logger.go:66:         "directoryPathInContainer" = tostring(null)
TestTerraformConfluentPlatformSinglenodeExample 2022-08-01T17:52:11Z logger.go:66:         "enabled" = tobool(null)
TestTerraformConfluentPlatformSinglenodeExample 2022-08-01T17:52:11Z logger.go:66:         "ignoreTrustStoreConfig" = tobool(null)
TestTerraformConfluentPlatformSinglenodeExample 2022-08-01T17:52:11Z logger.go:66:         "jksPassword" = {
TestTerraformConfluentPlatformSinglenodeExample 2022-08-01T17:52:11Z logger.go:66:           "secretRef" = tostring(null)
TestTerraformConfluentPlatformSinglenodeExample 2022-08-01T17:52:11Z logger.go:66:         }
TestTerraformConfluentPlatformSinglenodeExample 2022-08-01T17:52:11Z logger.go:66:         "secretRef" = tostring(null)
TestTerraformConfluentPlatformSinglenodeExample 2022-08-01T17:52:11Z logger.go:66:       }
TestTerraformConfluentPlatformSinglenodeExample 2022-08-01T17:52:11Z logger.go:66:       "url" = "http://schemaregistry.confluent.svc.cluster.local:8081"
TestTerraformConfluentPlatformSinglenodeExample 2022-08-01T17:52:11Z logger.go:66:     }
TestTerraformConfluentPlatformSinglenodeExample 2022-08-01T17:52:11Z logger.go:66:   }
TestTerraformConfluentPlatformSinglenodeExample 2022-08-01T17:52:11Z logger.go:66:   "externalAccess" = {
TestTerraformConfluentPlatformSinglenodeExample 2022-08-01T17:52:11Z logger.go:66:     "loadBalancer" = {
TestTerraformConfluentPlatformSinglenodeExample 2022-08-01T17:52:11Z logger.go:66:       "advertisedURL" = {
TestTerraformConfluentPlatformSinglenodeExample 2022-08-01T17:52:11Z logger.go:66:         "enabled" = tobool(null)
TestTerraformConfluentPlatformSinglenodeExample 2022-08-01T17:52:11Z logger.go:66:         "prefix" = tostring(null)
TestTerraformConfluentPlatformSinglenodeExample 2022-08-01T17:52:11Z logger.go:66:       }
TestTerraformConfluentPlatformSinglenodeExample 2022-08-01T17:52:11Z logger.go:66:       "annotations" = tomap(null) /* of string */
TestTerraformConfluentPlatformSinglenodeExample 2022-08-01T17:52:11Z logger.go:66:       "domain" = tostring(null)
TestTerraformConfluentPlatformSinglenodeExample 2022-08-01T17:52:11Z logger.go:66:       "externalTrafficPolicy" = tostring(null)
TestTerraformConfluentPlatformSinglenodeExample 2022-08-01T17:52:11Z logger.go:66:       "labels" = tomap(null) /* of string */
TestTerraformConfluentPlatformSinglenodeExample 2022-08-01T17:52:11Z logger.go:66:       "loadBalancerSourceRanges" = tolist(null) /* of string */
TestTerraformConfluentPlatformSinglenodeExample 2022-08-01T17:52:11Z logger.go:66:       "port" = tonumber(null)
TestTerraformConfluentPlatformSinglenodeExample 2022-08-01T17:52:11Z logger.go:66:       "prefix" = tostring(null)
TestTerraformConfluentPlatformSinglenodeExample 2022-08-01T17:52:11Z logger.go:66:       "servicePorts" = tolist(null) /* of object */
TestTerraformConfluentPlatformSinglenodeExample 2022-08-01T17:52:11Z logger.go:66:       "sessionAffinity" = tostring(null)
TestTerraformConfluentPlatformSinglenodeExample 2022-08-01T17:52:11Z logger.go:66:       "sessionAffinityConfig" = {
TestTerraformConfluentPlatformSinglenodeExample 2022-08-01T17:52:11Z logger.go:66:         "clientIP" = {
TestTerraformConfluentPlatformSinglenodeExample 2022-08-01T17:52:11Z logger.go:66:           "timeoutSeconds" = tonumber(null)
TestTerraformConfluentPlatformSinglenodeExample 2022-08-01T17:52:11Z logger.go:66:         }
TestTerraformConfluentPlatformSinglenodeExample 2022-08-01T17:52:11Z logger.go:66:       }
TestTerraformConfluentPlatformSinglenodeExample 2022-08-01T17:52:11Z logger.go:66:     }
TestTerraformConfluentPlatformSinglenodeExample 2022-08-01T17:52:11Z logger.go:66:     "nodePort" = {
TestTerraformConfluentPlatformSinglenodeExample 2022-08-01T17:52:11Z logger.go:66:       "advertisedURL" = {
TestTerraformConfluentPlatformSinglenodeExample 2022-08-01T17:52:11Z logger.go:66:         "enabled" = tobool(null)
TestTerraformConfluentPlatformSinglenodeExample 2022-08-01T17:52:11Z logger.go:66:         "prefix" = tostring(null)
TestTerraformConfluentPlatformSinglenodeExample 2022-08-01T17:52:11Z logger.go:66:       }
TestTerraformConfluentPlatformSinglenodeExample 2022-08-01T17:52:11Z logger.go:66:       "annotations" = tomap(null) /* of string */
TestTerraformConfluentPlatformSinglenodeExample 2022-08-01T17:52:11Z logger.go:66:       "externalTrafficPolicy" = tostring(null)
TestTerraformConfluentPlatformSinglenodeExample 2022-08-01T17:52:11Z logger.go:66:       "host" = tostring(null)
TestTerraformConfluentPlatformSinglenodeExample 2022-08-01T17:52:11Z logger.go:66:       "labels" = tomap(null) /* of string */
TestTerraformConfluentPlatformSinglenodeExample 2022-08-01T17:52:11Z logger.go:66:       "nodePortOffset" = tonumber(null)
TestTerraformConfluentPlatformSinglenodeExample 2022-08-01T17:52:11Z logger.go:66:       "servicePorts" = tolist(null) /* of object */
TestTerraformConfluentPlatformSinglenodeExample 2022-08-01T17:52:11Z logger.go:66:       "sessionAffinity" = tostring(null)
TestTerraformConfluentPlatformSinglenodeExample 2022-08-01T17:52:11Z logger.go:66:       "sessionAffinityConfig" = {
TestTerraformConfluentPlatformSinglenodeExample 2022-08-01T17:52:11Z logger.go:66:         "clientIP" = {
TestTerraformConfluentPlatformSinglenodeExample 2022-08-01T17:52:11Z logger.go:66:           "timeoutSeconds" = tonumber(null)
TestTerraformConfluentPlatformSinglenodeExample 2022-08-01T17:52:11Z logger.go:66:         }
TestTerraformConfluentPlatformSinglenodeExample 2022-08-01T17:52:11Z logger.go:66:       }
TestTerraformConfluentPlatformSinglenodeExample 2022-08-01T17:52:11Z logger.go:66:     }
TestTerraformConfluentPlatformSinglenodeExample 2022-08-01T17:52:11Z logger.go:66:     "route" = {
TestTerraformConfluentPlatformSinglenodeExample 2022-08-01T17:52:11Z logger.go:66:       "annotations" = tomap(null) /* of string */
TestTerraformConfluentPlatformSinglenodeExample 2022-08-01T17:52:11Z logger.go:66:       "domain" = tostring(null)
TestTerraformConfluentPlatformSinglenodeExample 2022-08-01T17:52:11Z logger.go:66:       "labels" = tomap(null) /* of string */
TestTerraformConfluentPlatformSinglenodeExample 2022-08-01T17:52:11Z logger.go:66:       "prefix" = tostring(null)
TestTerraformConfluentPlatformSinglenodeExample 2022-08-01T17:52:11Z logger.go:66:       "wildcardPolicy" = tostring(null)
TestTerraformConfluentPlatformSinglenodeExample 2022-08-01T17:52:11Z logger.go:66:     }
TestTerraformConfluentPlatformSinglenodeExample 2022-08-01T17:52:11Z logger.go:66:     "type" = tostring(null)
TestTerraformConfluentPlatformSinglenodeExample 2022-08-01T17:52:11Z logger.go:66:   }
TestTerraformConfluentPlatformSinglenodeExample 2022-08-01T17:52:11Z logger.go:66:   "headlessService" = {
TestTerraformConfluentPlatformSinglenodeExample 2022-08-01T17:52:11Z logger.go:66:     "annotations" = tomap(null) /* of string */
TestTerraformConfluentPlatformSinglenodeExample 2022-08-01T17:52:11Z logger.go:66:     "labels" = tomap(null) /* of string */
TestTerraformConfluentPlatformSinglenodeExample 2022-08-01T17:52:11Z logger.go:66:     "publishNotReadyAddresses" = tobool(null)
TestTerraformConfluentPlatformSinglenodeExample 2022-08-01T17:52:11Z logger.go:66:   }
TestTerraformConfluentPlatformSinglenodeExample 2022-08-01T17:52:11Z logger.go:66:   "image" = {
TestTerraformConfluentPlatformSinglenodeExample 2022-08-01T17:52:11Z logger.go:66:     "application" = "confluentinc/cp-kafka-rest:7.2.0"
TestTerraformConfluentPlatformSinglenodeExample 2022-08-01T17:52:11Z logger.go:66:     "init" = "confluentinc/confluent-init-container:2.4.0"
TestTerraformConfluentPlatformSinglenodeExample 2022-08-01T17:52:11Z logger.go:66:     "pullPolicy" = tostring(null)
TestTerraformConfluentPlatformSinglenodeExample 2022-08-01T17:52:11Z logger.go:66:     "pullSecretRef" = tolist(null) /* of string */
TestTerraformConfluentPlatformSinglenodeExample 2022-08-01T17:52:11Z logger.go:66:   }
TestTerraformConfluentPlatformSinglenodeExample 2022-08-01T17:52:11Z logger.go:66:   "injectAnnotations" = tomap(null) /* of string */
TestTerraformConfluentPlatformSinglenodeExample 2022-08-01T17:52:11Z logger.go:66:   "injectLabels" = tomap(null) /* of string */
TestTerraformConfluentPlatformSinglenodeExample 2022-08-01T17:52:11Z logger.go:66:   "k8sClusterDomain" = tostring(null)
TestTerraformConfluentPlatformSinglenodeExample 2022-08-01T17:52:11Z logger.go:66:   "license" = {
TestTerraformConfluentPlatformSinglenodeExample 2022-08-01T17:52:11Z logger.go:66:     "directoryPathInContainer" = tostring(null)
TestTerraformConfluentPlatformSinglenodeExample 2022-08-01T17:52:11Z logger.go:66:     "globalLicense" = tobool(null)
TestTerraformConfluentPlatformSinglenodeExample 2022-08-01T17:52:11Z logger.go:66:     "secretRef" = tostring(null)
TestTerraformConfluentPlatformSinglenodeExample 2022-08-01T17:52:11Z logger.go:66:   }
TestTerraformConfluentPlatformSinglenodeExample 2022-08-01T17:52:11Z logger.go:66:   "metrics" = {
TestTerraformConfluentPlatformSinglenodeExample 2022-08-01T17:52:11Z logger.go:66:     "authentication" = {
TestTerraformConfluentPlatformSinglenodeExample 2022-08-01T17:52:11Z logger.go:66:       "type" = tostring(null)
TestTerraformConfluentPlatformSinglenodeExample 2022-08-01T17:52:11Z logger.go:66:     }
TestTerraformConfluentPlatformSinglenodeExample 2022-08-01T17:52:11Z logger.go:66:     "prometheus" = {
TestTerraformConfluentPlatformSinglenodeExample 2022-08-01T17:52:11Z logger.go:66:       "blacklist" = tolist(null) /* of string */
TestTerraformConfluentPlatformSinglenodeExample 2022-08-01T17:52:11Z logger.go:66:       "rules" = tolist(null) /* of object */
TestTerraformConfluentPlatformSinglenodeExample 2022-08-01T17:52:11Z logger.go:66:       "whitelist" = tolist(null) /* of string */
TestTerraformConfluentPlatformSinglenodeExample 2022-08-01T17:52:11Z logger.go:66:     }
TestTerraformConfluentPlatformSinglenodeExample 2022-08-01T17:52:11Z logger.go:66:     "tls" = {
TestTerraformConfluentPlatformSinglenodeExample 2022-08-01T17:52:11Z logger.go:66:       "directoryPathInContainer" = tostring(null)
TestTerraformConfluentPlatformSinglenodeExample 2022-08-01T17:52:11Z logger.go:66:       "enabled" = tobool(null)
TestTerraformConfluentPlatformSinglenodeExample 2022-08-01T17:52:11Z logger.go:66:       "ignoreTrustStoreConfig" = tobool(null)
TestTerraformConfluentPlatformSinglenodeExample 2022-08-01T17:52:11Z logger.go:66:       "jksPassword" = {
TestTerraformConfluentPlatformSinglenodeExample 2022-08-01T17:52:11Z logger.go:66:         "secretRef" = tostring(null)
TestTerraformConfluentPlatformSinglenodeExample 2022-08-01T17:52:11Z logger.go:66:       }
TestTerraformConfluentPlatformSinglenodeExample 2022-08-01T17:52:11Z logger.go:66:       "secretRef" = tostring(null)
TestTerraformConfluentPlatformSinglenodeExample 2022-08-01T17:52:11Z logger.go:66:     }
TestTerraformConfluentPlatformSinglenodeExample 2022-08-01T17:52:11Z logger.go:66:   }
TestTerraformConfluentPlatformSinglenodeExample 2022-08-01T17:52:11Z logger.go:66:   "mountedSecrets" = tolist(null) /* of object */
TestTerraformConfluentPlatformSinglenodeExample 2022-08-01T17:52:11Z logger.go:66:   "mountedVolumes" = {
TestTerraformConfluentPlatformSinglenodeExample 2022-08-01T17:52:11Z logger.go:66:     "volumeMounts" = tolist(null) /* of object */
TestTerraformConfluentPlatformSinglenodeExample 2022-08-01T17:52:11Z logger.go:66:     "volumes" = null /* tuple */
TestTerraformConfluentPlatformSinglenodeExample 2022-08-01T17:52:11Z logger.go:66:   }
TestTerraformConfluentPlatformSinglenodeExample 2022-08-01T17:52:11Z logger.go:66:   "oneReplicaPerNode" = tobool(null)
TestTerraformConfluentPlatformSinglenodeExample 2022-08-01T17:52:11Z logger.go:66:   "podTemplate" = {
TestTerraformConfluentPlatformSinglenodeExample 2022-08-01T17:52:11Z logger.go:66:     "affinity" = {
TestTerraformConfluentPlatformSinglenodeExample 2022-08-01T17:52:11Z logger.go:66:       "nodeAffinity" = {
TestTerraformConfluentPlatformSinglenodeExample 2022-08-01T17:52:11Z logger.go:66:         "preferredDuringSchedulingIgnoredDuringExecution" = tolist(null) /* of object */
TestTerraformConfluentPlatformSinglenodeExample 2022-08-01T17:52:11Z logger.go:66:         "requiredDuringSchedulingIgnoredDuringExecution" = {
TestTerraformConfluentPlatformSinglenodeExample 2022-08-01T17:52:11Z logger.go:66:           "nodeSelectorTerms" = tolist(null) /* of object */
TestTerraformConfluentPlatformSinglenodeExample 2022-08-01T17:52:11Z logger.go:66:         }
TestTerraformConfluentPlatformSinglenodeExample 2022-08-01T17:52:11Z logger.go:66:       }
TestTerraformConfluentPlatformSinglenodeExample 2022-08-01T17:52:11Z logger.go:66:       "podAffinity" = {
TestTerraformConfluentPlatformSinglenodeExample 2022-08-01T17:52:11Z logger.go:66:         "preferredDuringSchedulingIgnoredDuringExecution" = tolist(null) /* of object */
TestTerraformConfluentPlatformSinglenodeExample 2022-08-01T17:52:11Z logger.go:66:         "requiredDuringSchedulingIgnoredDuringExecution" = tolist(null) /* of object */
TestTerraformConfluentPlatformSinglenodeExample 2022-08-01T17:52:11Z logger.go:66:       }
TestTerraformConfluentPlatformSinglenodeExample 2022-08-01T17:52:11Z logger.go:66:       "podAntiAffinity" = {
TestTerraformConfluentPlatformSinglenodeExample 2022-08-01T17:52:11Z logger.go:66:         "preferredDuringSchedulingIgnoredDuringExecution" = tolist(null) /* of object */
TestTerraformConfluentPlatformSinglenodeExample 2022-08-01T17:52:11Z logger.go:66:         "requiredDuringSchedulingIgnoredDuringExecution" = tolist(null) /* of object */
TestTerraformConfluentPlatformSinglenodeExample 2022-08-01T17:52:11Z logger.go:66:       }
TestTerraformConfluentPlatformSinglenodeExample 2022-08-01T17:52:11Z logger.go:66:     }
TestTerraformConfluentPlatformSinglenodeExample 2022-08-01T17:52:11Z logger.go:66:     "annotations" = tomap(null) /* of string */
TestTerraformConfluentPlatformSinglenodeExample 2022-08-01T17:52:11Z logger.go:66:     "envVars" = tolist(null) /* of object */
TestTerraformConfluentPlatformSinglenodeExample 2022-08-01T17:52:11Z logger.go:66:     "labels" = tomap(null) /* of string */
TestTerraformConfluentPlatformSinglenodeExample 2022-08-01T17:52:11Z logger.go:66:     "podSecurityContext" = {
TestTerraformConfluentPlatformSinglenodeExample 2022-08-01T17:52:11Z logger.go:66:       "fsGroup" = 1000
TestTerraformConfluentPlatformSinglenodeExample 2022-08-01T17:52:11Z logger.go:66:       "fsGroupChangePolicy" = tostring(null)
TestTerraformConfluentPlatformSinglenodeExample 2022-08-01T17:52:11Z logger.go:66:       "runAsGroup" = tonumber(null)
TestTerraformConfluentPlatformSinglenodeExample 2022-08-01T17:52:11Z logger.go:66:       "runAsNonRoot" = true
TestTerraformConfluentPlatformSinglenodeExample 2022-08-01T17:52:11Z logger.go:66:       "runAsUser" = 1000
TestTerraformConfluentPlatformSinglenodeExample 2022-08-01T17:52:11Z logger.go:66:       "seLinuxOptions" = {
TestTerraformConfluentPlatformSinglenodeExample 2022-08-01T17:52:11Z logger.go:66:         "level" = tostring(null)
TestTerraformConfluentPlatformSinglenodeExample 2022-08-01T17:52:11Z logger.go:66:         "role" = tostring(null)
TestTerraformConfluentPlatformSinglenodeExample 2022-08-01T17:52:11Z logger.go:66:         "type" = tostring(null)
TestTerraformConfluentPlatformSinglenodeExample 2022-08-01T17:52:11Z logger.go:66:         "user" = tostring(null)
TestTerraformConfluentPlatformSinglenodeExample 2022-08-01T17:52:11Z logger.go:66:       }
TestTerraformConfluentPlatformSinglenodeExample 2022-08-01T17:52:11Z logger.go:66:       "seccompProfile" = {
TestTerraformConfluentPlatformSinglenodeExample 2022-08-01T17:52:11Z logger.go:66:         "localhostProfile" = tostring(null)
TestTerraformConfluentPlatformSinglenodeExample 2022-08-01T17:52:11Z logger.go:66:         "type" = tostring(null)
TestTerraformConfluentPlatformSinglenodeExample 2022-08-01T17:52:11Z logger.go:66:       }
TestTerraformConfluentPlatformSinglenodeExample 2022-08-01T17:52:11Z logger.go:66:       "supplementalGroups" = tolist(null) /* of number */
TestTerraformConfluentPlatformSinglenodeExample 2022-08-01T17:52:11Z logger.go:66:       "sysctls" = tolist(null) /* of object */
TestTerraformConfluentPlatformSinglenodeExample 2022-08-01T17:52:11Z logger.go:66:       "windowsOptions" = {
TestTerraformConfluentPlatformSinglenodeExample 2022-08-01T17:52:11Z logger.go:66:         "gmsaCredentialSpec" = tostring(null)
TestTerraformConfluentPlatformSinglenodeExample 2022-08-01T17:52:11Z logger.go:66:         "gmsaCredentialSpecName" = tostring(null)
TestTerraformConfluentPlatformSinglenodeExample 2022-08-01T17:52:11Z logger.go:66:         "hostProcess" = tobool(null)
TestTerraformConfluentPlatformSinglenodeExample 2022-08-01T17:52:11Z logger.go:66:         "runAsUserName" = tostring(null)
TestTerraformConfluentPlatformSinglenodeExample 2022-08-01T17:52:11Z logger.go:66:       }
TestTerraformConfluentPlatformSinglenodeExample 2022-08-01T17:52:11Z logger.go:66:     }
TestTerraformConfluentPlatformSinglenodeExample 2022-08-01T17:52:11Z logger.go:66:     "priorityClassName" = tostring(null)
TestTerraformConfluentPlatformSinglenodeExample 2022-08-01T17:52:11Z logger.go:66:     "probe" = {
TestTerraformConfluentPlatformSinglenodeExample 2022-08-01T17:52:11Z logger.go:66:       "liveness" = {
TestTerraformConfluentPlatformSinglenodeExample 2022-08-01T17:52:11Z logger.go:66:         "failureThreshold" = tonumber(null)
TestTerraformConfluentPlatformSinglenodeExample 2022-08-01T17:52:11Z logger.go:66:         "initialDelaySeconds" = tonumber(null)
TestTerraformConfluentPlatformSinglenodeExample 2022-08-01T17:52:11Z logger.go:66:         "periodSeconds" = tonumber(null)
TestTerraformConfluentPlatformSinglenodeExample 2022-08-01T17:52:11Z logger.go:66:         "successThreshold" = tonumber(null)
TestTerraformConfluentPlatformSinglenodeExample 2022-08-01T17:52:11Z logger.go:66:         "timeoutSeconds" = tonumber(null)
TestTerraformConfluentPlatformSinglenodeExample 2022-08-01T17:52:11Z logger.go:66:       }
TestTerraformConfluentPlatformSinglenodeExample 2022-08-01T17:52:11Z logger.go:66:       "readiness" = {
TestTerraformConfluentPlatformSinglenodeExample 2022-08-01T17:52:11Z logger.go:66:         "failureThreshold" = tonumber(null)
TestTerraformConfluentPlatformSinglenodeExample 2022-08-01T17:52:11Z logger.go:66:         "initialDelaySeconds" = tonumber(null)
TestTerraformConfluentPlatformSinglenodeExample 2022-08-01T17:52:11Z logger.go:66:         "periodSeconds" = tonumber(null)
TestTerraformConfluentPlatformSinglenodeExample 2022-08-01T17:52:11Z logger.go:66:         "successThreshold" = tonumber(null)
TestTerraformConfluentPlatformSinglenodeExample 2022-08-01T17:52:11Z logger.go:66:         "timeoutSeconds" = tonumber(null)
TestTerraformConfluentPlatformSinglenodeExample 2022-08-01T17:52:11Z logger.go:66:       }
TestTerraformConfluentPlatformSinglenodeExample 2022-08-01T17:52:11Z logger.go:66:     }
TestTerraformConfluentPlatformSinglenodeExample 2022-08-01T17:52:11Z logger.go:66:     "resources" = {
TestTerraformConfluentPlatformSinglenodeExample 2022-08-01T17:52:11Z logger.go:66:       "limits" = tomap(null) /* of string */
TestTerraformConfluentPlatformSinglenodeExample 2022-08-01T17:52:11Z logger.go:66:       "requests" = tomap({
TestTerraformConfluentPlatformSinglenodeExample 2022-08-01T17:52:11Z logger.go:66:         "cpu" = "100m"
TestTerraformConfluentPlatformSinglenodeExample 2022-08-01T17:52:11Z logger.go:66:         "memory" = "256Mi"
TestTerraformConfluentPlatformSinglenodeExample 2022-08-01T17:52:11Z logger.go:66:       })
TestTerraformConfluentPlatformSinglenodeExample 2022-08-01T17:52:11Z logger.go:66:     }
TestTerraformConfluentPlatformSinglenodeExample 2022-08-01T17:52:11Z logger.go:66:     "securityContext" = {
TestTerraformConfluentPlatformSinglenodeExample 2022-08-01T17:52:11Z logger.go:66:       "allowPrivilegeEscalation" = tobool(null)
TestTerraformConfluentPlatformSinglenodeExample 2022-08-01T17:52:11Z logger.go:66:       "capabilities" = {
TestTerraformConfluentPlatformSinglenodeExample 2022-08-01T17:52:11Z logger.go:66:         "add" = tolist(null) /* of string */
TestTerraformConfluentPlatformSinglenodeExample 2022-08-01T17:52:11Z logger.go:66:         "drop" = tolist(null) /* of string */
TestTerraformConfluentPlatformSinglenodeExample 2022-08-01T17:52:11Z logger.go:66:       }
TestTerraformConfluentPlatformSinglenodeExample 2022-08-01T17:52:11Z logger.go:66:       "privileged" = tobool(null)
TestTerraformConfluentPlatformSinglenodeExample 2022-08-01T17:52:11Z logger.go:66:       "procMount" = tostring(null)
TestTerraformConfluentPlatformSinglenodeExample 2022-08-01T17:52:11Z logger.go:66:       "readOnlyRootFilesystem" = tobool(null)
TestTerraformConfluentPlatformSinglenodeExample 2022-08-01T17:52:11Z logger.go:66:       "runAsGroup" = tonumber(null)
TestTerraformConfluentPlatformSinglenodeExample 2022-08-01T17:52:11Z logger.go:66:       "runAsNonRoot" = tobool(null)
TestTerraformConfluentPlatformSinglenodeExample 2022-08-01T17:52:11Z logger.go:66:       "runAsUser" = tonumber(null)
TestTerraformConfluentPlatformSinglenodeExample 2022-08-01T17:52:11Z logger.go:66:       "seLinuxOptions" = {
TestTerraformConfluentPlatformSinglenodeExample 2022-08-01T17:52:11Z logger.go:66:         "level" = tostring(null)
TestTerraformConfluentPlatformSinglenodeExample 2022-08-01T17:52:11Z logger.go:66:         "role" = tostring(null)
TestTerraformConfluentPlatformSinglenodeExample 2022-08-01T17:52:11Z logger.go:66:         "type" = tostring(null)
TestTerraformConfluentPlatformSinglenodeExample 2022-08-01T17:52:11Z logger.go:66:         "user" = tostring(null)
TestTerraformConfluentPlatformSinglenodeExample 2022-08-01T17:52:11Z logger.go:66:       }
TestTerraformConfluentPlatformSinglenodeExample 2022-08-01T17:52:11Z logger.go:66:       "seccompProfile" = {
TestTerraformConfluentPlatformSinglenodeExample 2022-08-01T17:52:11Z logger.go:66:         "localhostProfile" = tostring(null)
TestTerraformConfluentPlatformSinglenodeExample 2022-08-01T17:52:11Z logger.go:66:         "type" = tostring(null)
TestTerraformConfluentPlatformSinglenodeExample 2022-08-01T17:52:11Z logger.go:66:       }
TestTerraformConfluentPlatformSinglenodeExample 2022-08-01T17:52:11Z logger.go:66:       "windowsOptions" = {
TestTerraformConfluentPlatformSinglenodeExample 2022-08-01T17:52:11Z logger.go:66:         "gmsaCredentialSpec" = tostring(null)
TestTerraformConfluentPlatformSinglenodeExample 2022-08-01T17:52:11Z logger.go:66:         "gmsaCredentialSpecName" = tostring(null)
TestTerraformConfluentPlatformSinglenodeExample 2022-08-01T17:52:11Z logger.go:66:         "hostProcess" = tobool(null)
TestTerraformConfluentPlatformSinglenodeExample 2022-08-01T17:52:11Z logger.go:66:         "runAsUserName" = tostring(null)
TestTerraformConfluentPlatformSinglenodeExample 2022-08-01T17:52:11Z logger.go:66:       }
TestTerraformConfluentPlatformSinglenodeExample 2022-08-01T17:52:11Z logger.go:66:     }
TestTerraformConfluentPlatformSinglenodeExample 2022-08-01T17:52:11Z logger.go:66:     "serviceAccountName" = tostring(null)
TestTerraformConfluentPlatformSinglenodeExample 2022-08-01T17:52:11Z logger.go:66:     "terminationGracePeriodSeconds" = tonumber(null)
TestTerraformConfluentPlatformSinglenodeExample 2022-08-01T17:52:11Z logger.go:66:     "tolerations" = tolist(null) /* of object */
TestTerraformConfluentPlatformSinglenodeExample 2022-08-01T17:52:11Z logger.go:66:     "topologySpreadConstraints" = tolist(null) /* of object */
TestTerraformConfluentPlatformSinglenodeExample 2022-08-01T17:52:11Z logger.go:66:   }
TestTerraformConfluentPlatformSinglenodeExample 2022-08-01T17:52:11Z logger.go:66:   "replicas" = 1
TestTerraformConfluentPlatformSinglenodeExample 2022-08-01T17:52:11Z logger.go:66:   "telemetry" = {
TestTerraformConfluentPlatformSinglenodeExample 2022-08-01T17:52:11Z logger.go:66:     "global" = tobool(null)
TestTerraformConfluentPlatformSinglenodeExample 2022-08-01T17:52:11Z logger.go:66:   }
TestTerraformConfluentPlatformSinglenodeExample 2022-08-01T17:52:11Z logger.go:66:   "tls" = {
TestTerraformConfluentPlatformSinglenodeExample 2022-08-01T17:52:11Z logger.go:66:     "autoGeneratedCerts" = tobool(null)
TestTerraformConfluentPlatformSinglenodeExample 2022-08-01T17:52:11Z logger.go:66:     "directoryPathInContainer" = tostring(null)
TestTerraformConfluentPlatformSinglenodeExample 2022-08-01T17:52:11Z logger.go:66:     "ignoreTrustStoreConfig" = tobool(null)
TestTerraformConfluentPlatformSinglenodeExample 2022-08-01T17:52:11Z logger.go:66:     "jksPassword" = {
TestTerraformConfluentPlatformSinglenodeExample 2022-08-01T17:52:11Z logger.go:66:       "secretRef" = tostring(null)
TestTerraformConfluentPlatformSinglenodeExample 2022-08-01T17:52:11Z logger.go:66:     }
TestTerraformConfluentPlatformSinglenodeExample 2022-08-01T17:52:11Z logger.go:66:     "secretRef" = tostring(null)
TestTerraformConfluentPlatformSinglenodeExample 2022-08-01T17:52:11Z logger.go:66:   }
TestTerraformConfluentPlatformSinglenodeExample 2022-08-01T17:52:11Z logger.go:66: }
TestTerraformConfluentPlatformSinglenodeExample 2022-08-01T17:52:11Z logger.go:66: ksqldb = {
TestTerraformConfluentPlatformSinglenodeExample 2022-08-01T17:52:11Z logger.go:66:   "authentication" = {
TestTerraformConfluentPlatformSinglenodeExample 2022-08-01T17:52:11Z logger.go:66:     "basic" = {
TestTerraformConfluentPlatformSinglenodeExample 2022-08-01T17:52:11Z logger.go:66:       "debug" = tobool(null)
TestTerraformConfluentPlatformSinglenodeExample 2022-08-01T17:52:11Z logger.go:66:       "directoryPathInContainer" = tostring(null)
TestTerraformConfluentPlatformSinglenodeExample 2022-08-01T17:52:11Z logger.go:66:       "restrictedRoles" = tolist(null) /* of string */
TestTerraformConfluentPlatformSinglenodeExample 2022-08-01T17:52:11Z logger.go:66:       "roles" = tolist(null) /* of string */
TestTerraformConfluentPlatformSinglenodeExample 2022-08-01T17:52:11Z logger.go:66:       "secretRef" = tostring(null)
TestTerraformConfluentPlatformSinglenodeExample 2022-08-01T17:52:11Z logger.go:66:     }
TestTerraformConfluentPlatformSinglenodeExample 2022-08-01T17:52:11Z logger.go:66:     "type" = tostring(null)
TestTerraformConfluentPlatformSinglenodeExample 2022-08-01T17:52:11Z logger.go:66:   }
TestTerraformConfluentPlatformSinglenodeExample 2022-08-01T17:52:11Z logger.go:66:   "authorization" = {
TestTerraformConfluentPlatformSinglenodeExample 2022-08-01T17:52:11Z logger.go:66:     "kafkaRestClassRef" = {
TestTerraformConfluentPlatformSinglenodeExample 2022-08-01T17:52:11Z logger.go:66:       "name" = tostring(null)
TestTerraformConfluentPlatformSinglenodeExample 2022-08-01T17:52:11Z logger.go:66:       "namespace" = tostring(null)
TestTerraformConfluentPlatformSinglenodeExample 2022-08-01T17:52:11Z logger.go:66:     }
TestTerraformConfluentPlatformSinglenodeExample 2022-08-01T17:52:11Z logger.go:66:     "type" = tostring(null)
TestTerraformConfluentPlatformSinglenodeExample 2022-08-01T17:52:11Z logger.go:66:   }
TestTerraformConfluentPlatformSinglenodeExample 2022-08-01T17:52:11Z logger.go:66:   "configOverrides" = {
TestTerraformConfluentPlatformSinglenodeExample 2022-08-01T17:52:11Z logger.go:66:     "jvm" = tolist(null) /* of string */
TestTerraformConfluentPlatformSinglenodeExample 2022-08-01T17:52:11Z logger.go:66:     "log4j" = tolist(null) /* of string */
TestTerraformConfluentPlatformSinglenodeExample 2022-08-01T17:52:11Z logger.go:66:     "server" = tolist(null) /* of string */
TestTerraformConfluentPlatformSinglenodeExample 2022-08-01T17:52:11Z logger.go:66:   }
TestTerraformConfluentPlatformSinglenodeExample 2022-08-01T17:52:11Z logger.go:66:   "dataVolumeCapacity" = "10Gi"
TestTerraformConfluentPlatformSinglenodeExample 2022-08-01T17:52:11Z logger.go:66:   "dependencies" = {
TestTerraformConfluentPlatformSinglenodeExample 2022-08-01T17:52:11Z logger.go:66:     "interceptor" = {
TestTerraformConfluentPlatformSinglenodeExample 2022-08-01T17:52:11Z logger.go:66:       "configs" = tolist(null) /* of string */
TestTerraformConfluentPlatformSinglenodeExample 2022-08-01T17:52:11Z logger.go:66:       "consumer" = {
TestTerraformConfluentPlatformSinglenodeExample 2022-08-01T17:52:11Z logger.go:66:         "authentication" = {
TestTerraformConfluentPlatformSinglenodeExample 2022-08-01T17:52:11Z logger.go:66:           "jaasConfig" = {
TestTerraformConfluentPlatformSinglenodeExample 2022-08-01T17:52:11Z logger.go:66:             "secretRef" = tostring(null)
TestTerraformConfluentPlatformSinglenodeExample 2022-08-01T17:52:11Z logger.go:66:           }
TestTerraformConfluentPlatformSinglenodeExample 2022-08-01T17:52:11Z logger.go:66:           "jaasConfigPassThrough" = {
TestTerraformConfluentPlatformSinglenodeExample 2022-08-01T17:52:11Z logger.go:66:             "directoryPathInContainer" = tostring(null)
TestTerraformConfluentPlatformSinglenodeExample 2022-08-01T17:52:11Z logger.go:66:             "secretRef" = tostring(null)
TestTerraformConfluentPlatformSinglenodeExample 2022-08-01T17:52:11Z logger.go:66:           }
TestTerraformConfluentPlatformSinglenodeExample 2022-08-01T17:52:11Z logger.go:66:           "oauthbearer" = {
TestTerraformConfluentPlatformSinglenodeExample 2022-08-01T17:52:11Z logger.go:66:             "directoryPathInContainer" = tostring(null)
TestTerraformConfluentPlatformSinglenodeExample 2022-08-01T17:52:11Z logger.go:66:             "secretRef" = tostring(null)
TestTerraformConfluentPlatformSinglenodeExample 2022-08-01T17:52:11Z logger.go:66:           }
TestTerraformConfluentPlatformSinglenodeExample 2022-08-01T17:52:11Z logger.go:66:           "type" = tostring(null)
TestTerraformConfluentPlatformSinglenodeExample 2022-08-01T17:52:11Z logger.go:66:         }
TestTerraformConfluentPlatformSinglenodeExample 2022-08-01T17:52:11Z logger.go:66:         "bootstrapEndpoint" = tostring(null)
TestTerraformConfluentPlatformSinglenodeExample 2022-08-01T17:52:11Z logger.go:66:         "discovery" = {
TestTerraformConfluentPlatformSinglenodeExample 2022-08-01T17:52:11Z logger.go:66:           "name" = tostring(null)
TestTerraformConfluentPlatformSinglenodeExample 2022-08-01T17:52:11Z logger.go:66:           "namespace" = tostring(null)
TestTerraformConfluentPlatformSinglenodeExample 2022-08-01T17:52:11Z logger.go:66:           "secretRef" = tostring(null)
TestTerraformConfluentPlatformSinglenodeExample 2022-08-01T17:52:11Z logger.go:66:         }
TestTerraformConfluentPlatformSinglenodeExample 2022-08-01T17:52:11Z logger.go:66:         "tls" = {
TestTerraformConfluentPlatformSinglenodeExample 2022-08-01T17:52:11Z logger.go:66:           "directoryPathInContainer" = tostring(null)
TestTerraformConfluentPlatformSinglenodeExample 2022-08-01T17:52:11Z logger.go:66:           "enabled" = tobool(null)
TestTerraformConfluentPlatformSinglenodeExample 2022-08-01T17:52:11Z logger.go:66:           "ignoreTrustStoreConfig" = tobool(null)
TestTerraformConfluentPlatformSinglenodeExample 2022-08-01T17:52:11Z logger.go:66:           "jksPassword" = {
TestTerraformConfluentPlatformSinglenodeExample 2022-08-01T17:52:11Z logger.go:66:             "secretRef" = tostring(null)
TestTerraformConfluentPlatformSinglenodeExample 2022-08-01T17:52:11Z logger.go:66:           }
TestTerraformConfluentPlatformSinglenodeExample 2022-08-01T17:52:11Z logger.go:66:           "secretRef" = tostring(null)
TestTerraformConfluentPlatformSinglenodeExample 2022-08-01T17:52:11Z logger.go:66:         }
TestTerraformConfluentPlatformSinglenodeExample 2022-08-01T17:52:11Z logger.go:66:       }
TestTerraformConfluentPlatformSinglenodeExample 2022-08-01T17:52:11Z logger.go:66:       "enabled" = tobool(null)
TestTerraformConfluentPlatformSinglenodeExample 2022-08-01T17:52:11Z logger.go:66:       "producer" = {
TestTerraformConfluentPlatformSinglenodeExample 2022-08-01T17:52:11Z logger.go:66:         "authentication" = {
TestTerraformConfluentPlatformSinglenodeExample 2022-08-01T17:52:11Z logger.go:66:           "jaasConfig" = {
TestTerraformConfluentPlatformSinglenodeExample 2022-08-01T17:52:11Z logger.go:66:             "secretRef" = tostring(null)
TestTerraformConfluentPlatformSinglenodeExample 2022-08-01T17:52:11Z logger.go:66:           }
TestTerraformConfluentPlatformSinglenodeExample 2022-08-01T17:52:11Z logger.go:66:           "jaasConfigPassThrough" = {
TestTerraformConfluentPlatformSinglenodeExample 2022-08-01T17:52:11Z logger.go:66:             "directoryPathInContainer" = tostring(null)
TestTerraformConfluentPlatformSinglenodeExample 2022-08-01T17:52:11Z logger.go:66:             "secretRef" = tostring(null)
TestTerraformConfluentPlatformSinglenodeExample 2022-08-01T17:52:11Z logger.go:66:           }
TestTerraformConfluentPlatformSinglenodeExample 2022-08-01T17:52:11Z logger.go:66:           "oauthbearer" = {
TestTerraformConfluentPlatformSinglenodeExample 2022-08-01T17:52:11Z logger.go:66:             "directoryPathInContainer" = tostring(null)
TestTerraformConfluentPlatformSinglenodeExample 2022-08-01T17:52:11Z logger.go:66:             "secretRef" = tostring(null)
TestTerraformConfluentPlatformSinglenodeExample 2022-08-01T17:52:11Z logger.go:66:           }
TestTerraformConfluentPlatformSinglenodeExample 2022-08-01T17:52:11Z logger.go:66:           "type" = tostring(null)
TestTerraformConfluentPlatformSinglenodeExample 2022-08-01T17:52:11Z logger.go:66:         }
TestTerraformConfluentPlatformSinglenodeExample 2022-08-01T17:52:11Z logger.go:66:         "bootstrapEndpoint" = tostring(null)
TestTerraformConfluentPlatformSinglenodeExample 2022-08-01T17:52:11Z logger.go:66:         "discovery" = {
TestTerraformConfluentPlatformSinglenodeExample 2022-08-01T17:52:11Z logger.go:66:           "name" = tostring(null)
TestTerraformConfluentPlatformSinglenodeExample 2022-08-01T17:52:11Z logger.go:66:           "namespace" = tostring(null)
TestTerraformConfluentPlatformSinglenodeExample 2022-08-01T17:52:11Z logger.go:66:           "secretRef" = tostring(null)
TestTerraformConfluentPlatformSinglenodeExample 2022-08-01T17:52:11Z logger.go:66:         }
TestTerraformConfluentPlatformSinglenodeExample 2022-08-01T17:52:11Z logger.go:66:         "tls" = {
TestTerraformConfluentPlatformSinglenodeExample 2022-08-01T17:52:11Z logger.go:66:           "directoryPathInContainer" = tostring(null)
TestTerraformConfluentPlatformSinglenodeExample 2022-08-01T17:52:11Z logger.go:66:           "enabled" = tobool(null)
TestTerraformConfluentPlatformSinglenodeExample 2022-08-01T17:52:11Z logger.go:66:           "ignoreTrustStoreConfig" = tobool(null)
TestTerraformConfluentPlatformSinglenodeExample 2022-08-01T17:52:11Z logger.go:66:           "jksPassword" = {
TestTerraformConfluentPlatformSinglenodeExample 2022-08-01T17:52:11Z logger.go:66:             "secretRef" = tostring(null)
TestTerraformConfluentPlatformSinglenodeExample 2022-08-01T17:52:11Z logger.go:66:           }
TestTerraformConfluentPlatformSinglenodeExample 2022-08-01T17:52:11Z logger.go:66:           "secretRef" = tostring(null)
TestTerraformConfluentPlatformSinglenodeExample 2022-08-01T17:52:11Z logger.go:66:         }
TestTerraformConfluentPlatformSinglenodeExample 2022-08-01T17:52:11Z logger.go:66:       }
TestTerraformConfluentPlatformSinglenodeExample 2022-08-01T17:52:11Z logger.go:66:       "publishMs" = tonumber(null)
TestTerraformConfluentPlatformSinglenodeExample 2022-08-01T17:52:11Z logger.go:66:     }
TestTerraformConfluentPlatformSinglenodeExample 2022-08-01T17:52:11Z logger.go:66:     "kafka" = {
TestTerraformConfluentPlatformSinglenodeExample 2022-08-01T17:52:11Z logger.go:66:       "authentication" = {
TestTerraformConfluentPlatformSinglenodeExample 2022-08-01T17:52:11Z logger.go:66:         "jaasConfig" = {
TestTerraformConfluentPlatformSinglenodeExample 2022-08-01T17:52:11Z logger.go:66:           "secretRef" = tostring(null)
TestTerraformConfluentPlatformSinglenodeExample 2022-08-01T17:52:11Z logger.go:66:         }
TestTerraformConfluentPlatformSinglenodeExample 2022-08-01T17:52:11Z logger.go:66:         "jaasConfigPassThrough" = {
TestTerraformConfluentPlatformSinglenodeExample 2022-08-01T17:52:11Z logger.go:66:           "directoryPathInContainer" = tostring(null)
TestTerraformConfluentPlatformSinglenodeExample 2022-08-01T17:52:11Z logger.go:66:           "secretRef" = tostring(null)
TestTerraformConfluentPlatformSinglenodeExample 2022-08-01T17:52:11Z logger.go:66:         }
TestTerraformConfluentPlatformSinglenodeExample 2022-08-01T17:52:11Z logger.go:66:         "oauthbearer" = {
TestTerraformConfluentPlatformSinglenodeExample 2022-08-01T17:52:11Z logger.go:66:           "directoryPathInContainer" = tostring(null)
TestTerraformConfluentPlatformSinglenodeExample 2022-08-01T17:52:11Z logger.go:66:           "secretRef" = tostring(null)
TestTerraformConfluentPlatformSinglenodeExample 2022-08-01T17:52:11Z logger.go:66:         }
TestTerraformConfluentPlatformSinglenodeExample 2022-08-01T17:52:11Z logger.go:66:         "type" = tostring(null)
TestTerraformConfluentPlatformSinglenodeExample 2022-08-01T17:52:11Z logger.go:66:       }
TestTerraformConfluentPlatformSinglenodeExample 2022-08-01T17:52:11Z logger.go:66:       "bootstrapEndpoint" = tostring(null)
TestTerraformConfluentPlatformSinglenodeExample 2022-08-01T17:52:11Z logger.go:66:       "discovery" = {
TestTerraformConfluentPlatformSinglenodeExample 2022-08-01T17:52:11Z logger.go:66:         "name" = tostring(null)
TestTerraformConfluentPlatformSinglenodeExample 2022-08-01T17:52:11Z logger.go:66:         "namespace" = tostring(null)
TestTerraformConfluentPlatformSinglenodeExample 2022-08-01T17:52:11Z logger.go:66:         "secretRef" = tostring(null)
TestTerraformConfluentPlatformSinglenodeExample 2022-08-01T17:52:11Z logger.go:66:       }
TestTerraformConfluentPlatformSinglenodeExample 2022-08-01T17:52:11Z logger.go:66:       "tls" = {
TestTerraformConfluentPlatformSinglenodeExample 2022-08-01T17:52:11Z logger.go:66:         "directoryPathInContainer" = tostring(null)
TestTerraformConfluentPlatformSinglenodeExample 2022-08-01T17:52:11Z logger.go:66:         "enabled" = tobool(null)
TestTerraformConfluentPlatformSinglenodeExample 2022-08-01T17:52:11Z logger.go:66:         "ignoreTrustStoreConfig" = tobool(null)
TestTerraformConfluentPlatformSinglenodeExample 2022-08-01T17:52:11Z logger.go:66:         "jksPassword" = {
TestTerraformConfluentPlatformSinglenodeExample 2022-08-01T17:52:11Z logger.go:66:           "secretRef" = tostring(null)
TestTerraformConfluentPlatformSinglenodeExample 2022-08-01T17:52:11Z logger.go:66:         }
TestTerraformConfluentPlatformSinglenodeExample 2022-08-01T17:52:11Z logger.go:66:         "secretRef" = tostring(null)
TestTerraformConfluentPlatformSinglenodeExample 2022-08-01T17:52:11Z logger.go:66:       }
TestTerraformConfluentPlatformSinglenodeExample 2022-08-01T17:52:11Z logger.go:66:     }
TestTerraformConfluentPlatformSinglenodeExample 2022-08-01T17:52:11Z logger.go:66:     "mds" = {
TestTerraformConfluentPlatformSinglenodeExample 2022-08-01T17:52:11Z logger.go:66:       "authentication" = {
TestTerraformConfluentPlatformSinglenodeExample 2022-08-01T17:52:11Z logger.go:66:         "bearer" = {
TestTerraformConfluentPlatformSinglenodeExample 2022-08-01T17:52:11Z logger.go:66:           "directoryPathInContainer" = tostring(null)
TestTerraformConfluentPlatformSinglenodeExample 2022-08-01T17:52:11Z logger.go:66:           "secretRef" = tostring(null)
TestTerraformConfluentPlatformSinglenodeExample 2022-08-01T17:52:11Z logger.go:66:         }
TestTerraformConfluentPlatformSinglenodeExample 2022-08-01T17:52:11Z logger.go:66:         "type" = tostring(null)
TestTerraformConfluentPlatformSinglenodeExample 2022-08-01T17:52:11Z logger.go:66:       }
TestTerraformConfluentPlatformSinglenodeExample 2022-08-01T17:52:11Z logger.go:66:       "endpoint" = tostring(null)
TestTerraformConfluentPlatformSinglenodeExample 2022-08-01T17:52:11Z logger.go:66:       "tls" = {
TestTerraformConfluentPlatformSinglenodeExample 2022-08-01T17:52:11Z logger.go:66:         "directoryPathInContainer" = tostring(null)
TestTerraformConfluentPlatformSinglenodeExample 2022-08-01T17:52:11Z logger.go:66:         "enabled" = tobool(null)
TestTerraformConfluentPlatformSinglenodeExample 2022-08-01T17:52:11Z logger.go:66:         "ignoreTrustStoreConfig" = tobool(null)
TestTerraformConfluentPlatformSinglenodeExample 2022-08-01T17:52:11Z logger.go:66:         "jksPassword" = {
TestTerraformConfluentPlatformSinglenodeExample 2022-08-01T17:52:11Z logger.go:66:           "secretRef" = tostring(null)
TestTerraformConfluentPlatformSinglenodeExample 2022-08-01T17:52:11Z logger.go:66:         }
TestTerraformConfluentPlatformSinglenodeExample 2022-08-01T17:52:11Z logger.go:66:         "secretRef" = tostring(null)
TestTerraformConfluentPlatformSinglenodeExample 2022-08-01T17:52:11Z logger.go:66:       }
TestTerraformConfluentPlatformSinglenodeExample 2022-08-01T17:52:11Z logger.go:66:       "tokenKeyPair" = {
TestTerraformConfluentPlatformSinglenodeExample 2022-08-01T17:52:11Z logger.go:66:         "directoryPathInContainer" = tostring(null)
TestTerraformConfluentPlatformSinglenodeExample 2022-08-01T17:52:11Z logger.go:66:         "secretRef" = tostring(null)
TestTerraformConfluentPlatformSinglenodeExample 2022-08-01T17:52:11Z logger.go:66:       }
TestTerraformConfluentPlatformSinglenodeExample 2022-08-01T17:52:11Z logger.go:66:     }
TestTerraformConfluentPlatformSinglenodeExample 2022-08-01T17:52:11Z logger.go:66:     "schemaRegistry" = {
TestTerraformConfluentPlatformSinglenodeExample 2022-08-01T17:52:11Z logger.go:66:       "authentication" = {
TestTerraformConfluentPlatformSinglenodeExample 2022-08-01T17:52:11Z logger.go:66:         "basic" = {
TestTerraformConfluentPlatformSinglenodeExample 2022-08-01T17:52:11Z logger.go:66:           "debug" = tobool(null)
TestTerraformConfluentPlatformSinglenodeExample 2022-08-01T17:52:11Z logger.go:66:           "directoryPathInContainer" = tostring(null)
TestTerraformConfluentPlatformSinglenodeExample 2022-08-01T17:52:11Z logger.go:66:           "restrictedRoles" = tolist(null) /* of string */
TestTerraformConfluentPlatformSinglenodeExample 2022-08-01T17:52:11Z logger.go:66:           "roles" = tolist(null) /* of string */
TestTerraformConfluentPlatformSinglenodeExample 2022-08-01T17:52:11Z logger.go:66:           "secretRef" = tostring(null)
TestTerraformConfluentPlatformSinglenodeExample 2022-08-01T17:52:11Z logger.go:66:         }
TestTerraformConfluentPlatformSinglenodeExample 2022-08-01T17:52:11Z logger.go:66:         "type" = tostring(null)
TestTerraformConfluentPlatformSinglenodeExample 2022-08-01T17:52:11Z logger.go:66:       }
TestTerraformConfluentPlatformSinglenodeExample 2022-08-01T17:52:11Z logger.go:66:       "tls" = {
TestTerraformConfluentPlatformSinglenodeExample 2022-08-01T17:52:11Z logger.go:66:         "directoryPathInContainer" = tostring(null)
TestTerraformConfluentPlatformSinglenodeExample 2022-08-01T17:52:11Z logger.go:66:         "enabled" = tobool(null)
TestTerraformConfluentPlatformSinglenodeExample 2022-08-01T17:52:11Z logger.go:66:         "ignoreTrustStoreConfig" = tobool(null)
TestTerraformConfluentPlatformSinglenodeExample 2022-08-01T17:52:11Z logger.go:66:         "jksPassword" = {
TestTerraformConfluentPlatformSinglenodeExample 2022-08-01T17:52:11Z logger.go:66:           "secretRef" = tostring(null)
TestTerraformConfluentPlatformSinglenodeExample 2022-08-01T17:52:11Z logger.go:66:         }
TestTerraformConfluentPlatformSinglenodeExample 2022-08-01T17:52:11Z logger.go:66:         "secretRef" = tostring(null)
TestTerraformConfluentPlatformSinglenodeExample 2022-08-01T17:52:11Z logger.go:66:       }
TestTerraformConfluentPlatformSinglenodeExample 2022-08-01T17:52:11Z logger.go:66:       "url" = "http://schemaregistry.confluent.svc.cluster.local:8081"
TestTerraformConfluentPlatformSinglenodeExample 2022-08-01T17:52:11Z logger.go:66:     }
TestTerraformConfluentPlatformSinglenodeExample 2022-08-01T17:52:11Z logger.go:66:   }
TestTerraformConfluentPlatformSinglenodeExample 2022-08-01T17:52:11Z logger.go:66:   "externalAccess" = {
TestTerraformConfluentPlatformSinglenodeExample 2022-08-01T17:52:11Z logger.go:66:     "loadBalancer" = {
TestTerraformConfluentPlatformSinglenodeExample 2022-08-01T17:52:11Z logger.go:66:       "advertisedURL" = {
TestTerraformConfluentPlatformSinglenodeExample 2022-08-01T17:52:11Z logger.go:66:         "enabled" = tobool(null)
TestTerraformConfluentPlatformSinglenodeExample 2022-08-01T17:52:11Z logger.go:66:         "prefix" = tostring(null)
TestTerraformConfluentPlatformSinglenodeExample 2022-08-01T17:52:11Z logger.go:66:       }
TestTerraformConfluentPlatformSinglenodeExample 2022-08-01T17:52:11Z logger.go:66:       "annotations" = tomap(null) /* of string */
TestTerraformConfluentPlatformSinglenodeExample 2022-08-01T17:52:11Z logger.go:66:       "domain" = tostring(null)
TestTerraformConfluentPlatformSinglenodeExample 2022-08-01T17:52:11Z logger.go:66:       "externalTrafficPolicy" = tostring(null)
TestTerraformConfluentPlatformSinglenodeExample 2022-08-01T17:52:11Z logger.go:66:       "labels" = tomap(null) /* of string */
TestTerraformConfluentPlatformSinglenodeExample 2022-08-01T17:52:11Z logger.go:66:       "loadBalancerSourceRanges" = tolist(null) /* of string */
TestTerraformConfluentPlatformSinglenodeExample 2022-08-01T17:52:11Z logger.go:66:       "port" = tonumber(null)
TestTerraformConfluentPlatformSinglenodeExample 2022-08-01T17:52:11Z logger.go:66:       "prefix" = tostring(null)
TestTerraformConfluentPlatformSinglenodeExample 2022-08-01T17:52:11Z logger.go:66:       "servicePorts" = tolist(null) /* of object */
TestTerraformConfluentPlatformSinglenodeExample 2022-08-01T17:52:11Z logger.go:66:       "sessionAffinity" = tostring(null)
TestTerraformConfluentPlatformSinglenodeExample 2022-08-01T17:52:11Z logger.go:66:       "sessionAffinityConfig" = {
TestTerraformConfluentPlatformSinglenodeExample 2022-08-01T17:52:11Z logger.go:66:         "clientIP" = {
TestTerraformConfluentPlatformSinglenodeExample 2022-08-01T17:52:11Z logger.go:66:           "timeoutSeconds" = tonumber(null)
TestTerraformConfluentPlatformSinglenodeExample 2022-08-01T17:52:11Z logger.go:66:         }
TestTerraformConfluentPlatformSinglenodeExample 2022-08-01T17:52:11Z logger.go:66:       }
TestTerraformConfluentPlatformSinglenodeExample 2022-08-01T17:52:11Z logger.go:66:     }
TestTerraformConfluentPlatformSinglenodeExample 2022-08-01T17:52:11Z logger.go:66:     "nodePort" = {
TestTerraformConfluentPlatformSinglenodeExample 2022-08-01T17:52:11Z logger.go:66:       "advertisedURL" = {
TestTerraformConfluentPlatformSinglenodeExample 2022-08-01T17:52:11Z logger.go:66:         "enabled" = tobool(null)
TestTerraformConfluentPlatformSinglenodeExample 2022-08-01T17:52:11Z logger.go:66:         "prefix" = tostring(null)
TestTerraformConfluentPlatformSinglenodeExample 2022-08-01T17:52:11Z logger.go:66:       }
TestTerraformConfluentPlatformSinglenodeExample 2022-08-01T17:52:11Z logger.go:66:       "annotations" = tomap(null) /* of string */
TestTerraformConfluentPlatformSinglenodeExample 2022-08-01T17:52:11Z logger.go:66:       "externalTrafficPolicy" = tostring(null)
TestTerraformConfluentPlatformSinglenodeExample 2022-08-01T17:52:11Z logger.go:66:       "host" = tostring(null)
TestTerraformConfluentPlatformSinglenodeExample 2022-08-01T17:52:11Z logger.go:66:       "labels" = tomap(null) /* of string */
TestTerraformConfluentPlatformSinglenodeExample 2022-08-01T17:52:11Z logger.go:66:       "nodePortOffset" = tonumber(null)
TestTerraformConfluentPlatformSinglenodeExample 2022-08-01T17:52:11Z logger.go:66:       "servicePorts" = tolist(null) /* of object */
TestTerraformConfluentPlatformSinglenodeExample 2022-08-01T17:52:11Z logger.go:66:       "sessionAffinity" = tostring(null)
TestTerraformConfluentPlatformSinglenodeExample 2022-08-01T17:52:11Z logger.go:66:       "sessionAffinityConfig" = {
TestTerraformConfluentPlatformSinglenodeExample 2022-08-01T17:52:11Z logger.go:66:         "clientIP" = {
TestTerraformConfluentPlatformSinglenodeExample 2022-08-01T17:52:11Z logger.go:66:           "timeoutSeconds" = tonumber(null)
TestTerraformConfluentPlatformSinglenodeExample 2022-08-01T17:52:11Z logger.go:66:         }
TestTerraformConfluentPlatformSinglenodeExample 2022-08-01T17:52:11Z logger.go:66:       }
TestTerraformConfluentPlatformSinglenodeExample 2022-08-01T17:52:11Z logger.go:66:     }
TestTerraformConfluentPlatformSinglenodeExample 2022-08-01T17:52:11Z logger.go:66:     "route" = {
TestTerraformConfluentPlatformSinglenodeExample 2022-08-01T17:52:11Z logger.go:66:       "annotations" = tomap(null) /* of string */
TestTerraformConfluentPlatformSinglenodeExample 2022-08-01T17:52:11Z logger.go:66:       "domain" = tostring(null)
TestTerraformConfluentPlatformSinglenodeExample 2022-08-01T17:52:11Z logger.go:66:       "labels" = tomap(null) /* of string */
TestTerraformConfluentPlatformSinglenodeExample 2022-08-01T17:52:11Z logger.go:66:       "prefix" = tostring(null)
TestTerraformConfluentPlatformSinglenodeExample 2022-08-01T17:52:11Z logger.go:66:       "wildcardPolicy" = tostring(null)
TestTerraformConfluentPlatformSinglenodeExample 2022-08-01T17:52:11Z logger.go:66:     }
TestTerraformConfluentPlatformSinglenodeExample 2022-08-01T17:52:11Z logger.go:66:     "type" = tostring(null)
TestTerraformConfluentPlatformSinglenodeExample 2022-08-01T17:52:11Z logger.go:66:   }
TestTerraformConfluentPlatformSinglenodeExample 2022-08-01T17:52:11Z logger.go:66:   "headlessService" = {
TestTerraformConfluentPlatformSinglenodeExample 2022-08-01T17:52:11Z logger.go:66:     "annotations" = tomap(null) /* of string */
TestTerraformConfluentPlatformSinglenodeExample 2022-08-01T17:52:11Z logger.go:66:     "labels" = tomap(null) /* of string */
TestTerraformConfluentPlatformSinglenodeExample 2022-08-01T17:52:11Z logger.go:66:     "publishNotReadyAddresses" = tobool(null)
TestTerraformConfluentPlatformSinglenodeExample 2022-08-01T17:52:11Z logger.go:66:   }
TestTerraformConfluentPlatformSinglenodeExample 2022-08-01T17:52:11Z logger.go:66:   "image" = {
TestTerraformConfluentPlatformSinglenodeExample 2022-08-01T17:52:11Z logger.go:66:     "application" = "confluentinc/cp-ksqldb-server:7.2.0"
TestTerraformConfluentPlatformSinglenodeExample 2022-08-01T17:52:11Z logger.go:66:     "init" = "confluentinc/confluent-init-container:2.4.0"
TestTerraformConfluentPlatformSinglenodeExample 2022-08-01T17:52:11Z logger.go:66:     "pullPolicy" = tostring(null)
TestTerraformConfluentPlatformSinglenodeExample 2022-08-01T17:52:11Z logger.go:66:     "pullSecretRef" = tolist(null) /* of string */
TestTerraformConfluentPlatformSinglenodeExample 2022-08-01T17:52:11Z logger.go:66:   }
TestTerraformConfluentPlatformSinglenodeExample 2022-08-01T17:52:11Z logger.go:66:   "injectAnnotations" = tomap(null) /* of string */
TestTerraformConfluentPlatformSinglenodeExample 2022-08-01T17:52:11Z logger.go:66:   "injectLabels" = tomap(null) /* of string */
TestTerraformConfluentPlatformSinglenodeExample 2022-08-01T17:52:11Z logger.go:66:   "internalTopicReplicationFactor" = 1
TestTerraformConfluentPlatformSinglenodeExample 2022-08-01T17:52:11Z logger.go:66:   "k8sClusterDomain" = tostring(null)
TestTerraformConfluentPlatformSinglenodeExample 2022-08-01T17:52:11Z logger.go:66:   "license" = {
TestTerraformConfluentPlatformSinglenodeExample 2022-08-01T17:52:11Z logger.go:66:     "directoryPathInContainer" = tostring(null)
TestTerraformConfluentPlatformSinglenodeExample 2022-08-01T17:52:11Z logger.go:66:     "globalLicense" = tobool(null)
TestTerraformConfluentPlatformSinglenodeExample 2022-08-01T17:52:11Z logger.go:66:     "secretRef" = tostring(null)
TestTerraformConfluentPlatformSinglenodeExample 2022-08-01T17:52:11Z logger.go:66:   }
TestTerraformConfluentPlatformSinglenodeExample 2022-08-01T17:52:11Z logger.go:66:   "metrics" = {
TestTerraformConfluentPlatformSinglenodeExample 2022-08-01T17:52:11Z logger.go:66:     "authentication" = {
TestTerraformConfluentPlatformSinglenodeExample 2022-08-01T17:52:11Z logger.go:66:       "type" = tostring(null)
TestTerraformConfluentPlatformSinglenodeExample 2022-08-01T17:52:11Z logger.go:66:     }
TestTerraformConfluentPlatformSinglenodeExample 2022-08-01T17:52:11Z logger.go:66:     "prometheus" = {
TestTerraformConfluentPlatformSinglenodeExample 2022-08-01T17:52:11Z logger.go:66:       "blacklist" = tolist(null) /* of string */
TestTerraformConfluentPlatformSinglenodeExample 2022-08-01T17:52:11Z logger.go:66:       "rules" = tolist(null) /* of object */
TestTerraformConfluentPlatformSinglenodeExample 2022-08-01T17:52:11Z logger.go:66:       "whitelist" = tolist(null) /* of string */
TestTerraformConfluentPlatformSinglenodeExample 2022-08-01T17:52:11Z logger.go:66:     }
TestTerraformConfluentPlatformSinglenodeExample 2022-08-01T17:52:11Z logger.go:66:     "tls" = {
TestTerraformConfluentPlatformSinglenodeExample 2022-08-01T17:52:11Z logger.go:66:       "directoryPathInContainer" = tostring(null)
TestTerraformConfluentPlatformSinglenodeExample 2022-08-01T17:52:11Z logger.go:66:       "enabled" = tobool(null)
TestTerraformConfluentPlatformSinglenodeExample 2022-08-01T17:52:11Z logger.go:66:       "ignoreTrustStoreConfig" = tobool(null)
TestTerraformConfluentPlatformSinglenodeExample 2022-08-01T17:52:11Z logger.go:66:       "jksPassword" = {
TestTerraformConfluentPlatformSinglenodeExample 2022-08-01T17:52:11Z logger.go:66:         "secretRef" = tostring(null)
TestTerraformConfluentPlatformSinglenodeExample 2022-08-01T17:52:11Z logger.go:66:       }
TestTerraformConfluentPlatformSinglenodeExample 2022-08-01T17:52:11Z logger.go:66:       "secretRef" = tostring(null)
TestTerraformConfluentPlatformSinglenodeExample 2022-08-01T17:52:11Z logger.go:66:     }
TestTerraformConfluentPlatformSinglenodeExample 2022-08-01T17:52:11Z logger.go:66:   }
TestTerraformConfluentPlatformSinglenodeExample 2022-08-01T17:52:11Z logger.go:66:   "mountedSecrets" = tolist(null) /* of object */
TestTerraformConfluentPlatformSinglenodeExample 2022-08-01T17:52:11Z logger.go:66:   "mountedVolumes" = {
TestTerraformConfluentPlatformSinglenodeExample 2022-08-01T17:52:11Z logger.go:66:     "volumeMounts" = tolist(null) /* of object */
TestTerraformConfluentPlatformSinglenodeExample 2022-08-01T17:52:11Z logger.go:66:     "volumes" = null /* tuple */
TestTerraformConfluentPlatformSinglenodeExample 2022-08-01T17:52:11Z logger.go:66:   }
TestTerraformConfluentPlatformSinglenodeExample 2022-08-01T17:52:11Z logger.go:66:   "oneReplicaPerNode" = tobool(null)
TestTerraformConfluentPlatformSinglenodeExample 2022-08-01T17:52:11Z logger.go:66:   "podTemplate" = {
TestTerraformConfluentPlatformSinglenodeExample 2022-08-01T17:52:11Z logger.go:66:     "affinity" = {
TestTerraformConfluentPlatformSinglenodeExample 2022-08-01T17:52:11Z logger.go:66:       "nodeAffinity" = {
TestTerraformConfluentPlatformSinglenodeExample 2022-08-01T17:52:11Z logger.go:66:         "preferredDuringSchedulingIgnoredDuringExecution" = tolist(null) /* of object */
TestTerraformConfluentPlatformSinglenodeExample 2022-08-01T17:52:11Z logger.go:66:         "requiredDuringSchedulingIgnoredDuringExecution" = {
TestTerraformConfluentPlatformSinglenodeExample 2022-08-01T17:52:11Z logger.go:66:           "nodeSelectorTerms" = tolist(null) /* of object */
TestTerraformConfluentPlatformSinglenodeExample 2022-08-01T17:52:11Z logger.go:66:         }
TestTerraformConfluentPlatformSinglenodeExample 2022-08-01T17:52:11Z logger.go:66:       }
TestTerraformConfluentPlatformSinglenodeExample 2022-08-01T17:52:11Z logger.go:66:       "podAffinity" = {
TestTerraformConfluentPlatformSinglenodeExample 2022-08-01T17:52:11Z logger.go:66:         "preferredDuringSchedulingIgnoredDuringExecution" = tolist(null) /* of object */
TestTerraformConfluentPlatformSinglenodeExample 2022-08-01T17:52:11Z logger.go:66:         "requiredDuringSchedulingIgnoredDuringExecution" = tolist(null) /* of object */
TestTerraformConfluentPlatformSinglenodeExample 2022-08-01T17:52:11Z logger.go:66:       }
TestTerraformConfluentPlatformSinglenodeExample 2022-08-01T17:52:11Z logger.go:66:       "podAntiAffinity" = {
TestTerraformConfluentPlatformSinglenodeExample 2022-08-01T17:52:11Z logger.go:66:         "preferredDuringSchedulingIgnoredDuringExecution" = tolist(null) /* of object */
TestTerraformConfluentPlatformSinglenodeExample 2022-08-01T17:52:11Z logger.go:66:         "requiredDuringSchedulingIgnoredDuringExecution" = tolist(null) /* of object */
TestTerraformConfluentPlatformSinglenodeExample 2022-08-01T17:52:11Z logger.go:66:       }
TestTerraformConfluentPlatformSinglenodeExample 2022-08-01T17:52:11Z logger.go:66:     }
TestTerraformConfluentPlatformSinglenodeExample 2022-08-01T17:52:11Z logger.go:66:     "annotations" = tomap(null) /* of string */
TestTerraformConfluentPlatformSinglenodeExample 2022-08-01T17:52:11Z logger.go:66:     "envVars" = tolist(null) /* of object */
TestTerraformConfluentPlatformSinglenodeExample 2022-08-01T17:52:11Z logger.go:66:     "labels" = tomap(null) /* of string */
TestTerraformConfluentPlatformSinglenodeExample 2022-08-01T17:52:11Z logger.go:66:     "podSecurityContext" = {
TestTerraformConfluentPlatformSinglenodeExample 2022-08-01T17:52:11Z logger.go:66:       "fsGroup" = 1000
TestTerraformConfluentPlatformSinglenodeExample 2022-08-01T17:52:11Z logger.go:66:       "fsGroupChangePolicy" = tostring(null)
TestTerraformConfluentPlatformSinglenodeExample 2022-08-01T17:52:11Z logger.go:66:       "runAsGroup" = tonumber(null)
TestTerraformConfluentPlatformSinglenodeExample 2022-08-01T17:52:11Z logger.go:66:       "runAsNonRoot" = true
TestTerraformConfluentPlatformSinglenodeExample 2022-08-01T17:52:11Z logger.go:66:       "runAsUser" = 1000
TestTerraformConfluentPlatformSinglenodeExample 2022-08-01T17:52:11Z logger.go:66:       "seLinuxOptions" = {
TestTerraformConfluentPlatformSinglenodeExample 2022-08-01T17:52:11Z logger.go:66:         "level" = tostring(null)
TestTerraformConfluentPlatformSinglenodeExample 2022-08-01T17:52:11Z logger.go:66:         "role" = tostring(null)
TestTerraformConfluentPlatformSinglenodeExample 2022-08-01T17:52:11Z logger.go:66:         "type" = tostring(null)
TestTerraformConfluentPlatformSinglenodeExample 2022-08-01T17:52:11Z logger.go:66:         "user" = tostring(null)
TestTerraformConfluentPlatformSinglenodeExample 2022-08-01T17:52:11Z logger.go:66:       }
TestTerraformConfluentPlatformSinglenodeExample 2022-08-01T17:52:11Z logger.go:66:       "seccompProfile" = {
TestTerraformConfluentPlatformSinglenodeExample 2022-08-01T17:52:11Z logger.go:66:         "localhostProfile" = tostring(null)
TestTerraformConfluentPlatformSinglenodeExample 2022-08-01T17:52:11Z logger.go:66:         "type" = tostring(null)
TestTerraformConfluentPlatformSinglenodeExample 2022-08-01T17:52:11Z logger.go:66:       }
TestTerraformConfluentPlatformSinglenodeExample 2022-08-01T17:52:11Z logger.go:66:       "supplementalGroups" = tolist(null) /* of number */
TestTerraformConfluentPlatformSinglenodeExample 2022-08-01T17:52:11Z logger.go:66:       "sysctls" = tolist(null) /* of object */
TestTerraformConfluentPlatformSinglenodeExample 2022-08-01T17:52:11Z logger.go:66:       "windowsOptions" = {
TestTerraformConfluentPlatformSinglenodeExample 2022-08-01T17:52:11Z logger.go:66:         "gmsaCredentialSpec" = tostring(null)
TestTerraformConfluentPlatformSinglenodeExample 2022-08-01T17:52:11Z logger.go:66:         "gmsaCredentialSpecName" = tostring(null)
TestTerraformConfluentPlatformSinglenodeExample 2022-08-01T17:52:11Z logger.go:66:         "hostProcess" = tobool(null)
TestTerraformConfluentPlatformSinglenodeExample 2022-08-01T17:52:11Z logger.go:66:         "runAsUserName" = tostring(null)
TestTerraformConfluentPlatformSinglenodeExample 2022-08-01T17:52:11Z logger.go:66:       }
TestTerraformConfluentPlatformSinglenodeExample 2022-08-01T17:52:11Z logger.go:66:     }
TestTerraformConfluentPlatformSinglenodeExample 2022-08-01T17:52:11Z logger.go:66:     "priorityClassName" = tostring(null)
TestTerraformConfluentPlatformSinglenodeExample 2022-08-01T17:52:11Z logger.go:66:     "probe" = {
TestTerraformConfluentPlatformSinglenodeExample 2022-08-01T17:52:11Z logger.go:66:       "liveness" = {
TestTerraformConfluentPlatformSinglenodeExample 2022-08-01T17:52:11Z logger.go:66:         "failureThreshold" = 5
TestTerraformConfluentPlatformSinglenodeExample 2022-08-01T17:52:11Z logger.go:66:         "initialDelaySeconds" = tonumber(null)
TestTerraformConfluentPlatformSinglenodeExample 2022-08-01T17:52:11Z logger.go:66:         "periodSeconds" = 10
TestTerraformConfluentPlatformSinglenodeExample 2022-08-01T17:52:11Z logger.go:66:         "successThreshold" = tonumber(null)
TestTerraformConfluentPlatformSinglenodeExample 2022-08-01T17:52:11Z logger.go:66:         "timeoutSeconds" = 500
TestTerraformConfluentPlatformSinglenodeExample 2022-08-01T17:52:11Z logger.go:66:       }
TestTerraformConfluentPlatformSinglenodeExample 2022-08-01T17:52:11Z logger.go:66:       "readiness" = {
TestTerraformConfluentPlatformSinglenodeExample 2022-08-01T17:52:11Z logger.go:66:         "failureThreshold" = tonumber(null)
TestTerraformConfluentPlatformSinglenodeExample 2022-08-01T17:52:11Z logger.go:66:         "initialDelaySeconds" = tonumber(null)
TestTerraformConfluentPlatformSinglenodeExample 2022-08-01T17:52:11Z logger.go:66:         "periodSeconds" = tonumber(null)
TestTerraformConfluentPlatformSinglenodeExample 2022-08-01T17:52:11Z logger.go:66:         "successThreshold" = tonumber(null)
TestTerraformConfluentPlatformSinglenodeExample 2022-08-01T17:52:11Z logger.go:66:         "timeoutSeconds" = tonumber(null)
TestTerraformConfluentPlatformSinglenodeExample 2022-08-01T17:52:11Z logger.go:66:       }
TestTerraformConfluentPlatformSinglenodeExample 2022-08-01T17:52:11Z logger.go:66:     }
TestTerraformConfluentPlatformSinglenodeExample 2022-08-01T17:52:11Z logger.go:66:     "resources" = {
TestTerraformConfluentPlatformSinglenodeExample 2022-08-01T17:52:11Z logger.go:66:       "limits" = tomap(null) /* of string */
TestTerraformConfluentPlatformSinglenodeExample 2022-08-01T17:52:11Z logger.go:66:       "requests" = tomap({
TestTerraformConfluentPlatformSinglenodeExample 2022-08-01T17:52:11Z logger.go:66:         "cpu" = "100m"
TestTerraformConfluentPlatformSinglenodeExample 2022-08-01T17:52:11Z logger.go:66:         "memory" = "256Mi"
TestTerraformConfluentPlatformSinglenodeExample 2022-08-01T17:52:11Z logger.go:66:       })
TestTerraformConfluentPlatformSinglenodeExample 2022-08-01T17:52:11Z logger.go:66:     }
TestTerraformConfluentPlatformSinglenodeExample 2022-08-01T17:52:11Z logger.go:66:     "securityContext" = {
TestTerraformConfluentPlatformSinglenodeExample 2022-08-01T17:52:11Z logger.go:66:       "allowPrivilegeEscalation" = tobool(null)
TestTerraformConfluentPlatformSinglenodeExample 2022-08-01T17:52:11Z logger.go:66:       "capabilities" = {
TestTerraformConfluentPlatformSinglenodeExample 2022-08-01T17:52:11Z logger.go:66:         "add" = tolist(null) /* of string */
TestTerraformConfluentPlatformSinglenodeExample 2022-08-01T17:52:11Z logger.go:66:         "drop" = tolist(null) /* of string */
TestTerraformConfluentPlatformSinglenodeExample 2022-08-01T17:52:11Z logger.go:66:       }
TestTerraformConfluentPlatformSinglenodeExample 2022-08-01T17:52:11Z logger.go:66:       "privileged" = tobool(null)
TestTerraformConfluentPlatformSinglenodeExample 2022-08-01T17:52:11Z logger.go:66:       "procMount" = tostring(null)
TestTerraformConfluentPlatformSinglenodeExample 2022-08-01T17:52:11Z logger.go:66:       "readOnlyRootFilesystem" = tobool(null)
TestTerraformConfluentPlatformSinglenodeExample 2022-08-01T17:52:11Z logger.go:66:       "runAsGroup" = tonumber(null)
TestTerraformConfluentPlatformSinglenodeExample 2022-08-01T17:52:11Z logger.go:66:       "runAsNonRoot" = tobool(null)
TestTerraformConfluentPlatformSinglenodeExample 2022-08-01T17:52:11Z logger.go:66:       "runAsUser" = tonumber(null)
TestTerraformConfluentPlatformSinglenodeExample 2022-08-01T17:52:11Z logger.go:66:       "seLinuxOptions" = {
TestTerraformConfluentPlatformSinglenodeExample 2022-08-01T17:52:11Z logger.go:66:         "level" = tostring(null)
TestTerraformConfluentPlatformSinglenodeExample 2022-08-01T17:52:11Z logger.go:66:         "role" = tostring(null)
TestTerraformConfluentPlatformSinglenodeExample 2022-08-01T17:52:11Z logger.go:66:         "type" = tostring(null)
TestTerraformConfluentPlatformSinglenodeExample 2022-08-01T17:52:11Z logger.go:66:         "user" = tostring(null)
TestTerraformConfluentPlatformSinglenodeExample 2022-08-01T17:52:11Z logger.go:66:       }
TestTerraformConfluentPlatformSinglenodeExample 2022-08-01T17:52:11Z logger.go:66:       "seccompProfile" = {
TestTerraformConfluentPlatformSinglenodeExample 2022-08-01T17:52:11Z logger.go:66:         "localhostProfile" = tostring(null)
TestTerraformConfluentPlatformSinglenodeExample 2022-08-01T17:52:11Z logger.go:66:         "type" = tostring(null)
TestTerraformConfluentPlatformSinglenodeExample 2022-08-01T17:52:11Z logger.go:66:       }
TestTerraformConfluentPlatformSinglenodeExample 2022-08-01T17:52:11Z logger.go:66:       "windowsOptions" = {
TestTerraformConfluentPlatformSinglenodeExample 2022-08-01T17:52:11Z logger.go:66:         "gmsaCredentialSpec" = tostring(null)
TestTerraformConfluentPlatformSinglenodeExample 2022-08-01T17:52:11Z logger.go:66:         "gmsaCredentialSpecName" = tostring(null)
TestTerraformConfluentPlatformSinglenodeExample 2022-08-01T17:52:11Z logger.go:66:         "hostProcess" = tobool(null)
TestTerraformConfluentPlatformSinglenodeExample 2022-08-01T17:52:11Z logger.go:66:         "runAsUserName" = tostring(null)
TestTerraformConfluentPlatformSinglenodeExample 2022-08-01T17:52:11Z logger.go:66:       }
TestTerraformConfluentPlatformSinglenodeExample 2022-08-01T17:52:11Z logger.go:66:     }
TestTerraformConfluentPlatformSinglenodeExample 2022-08-01T17:52:11Z logger.go:66:     "serviceAccountName" = tostring(null)
TestTerraformConfluentPlatformSinglenodeExample 2022-08-01T17:52:11Z logger.go:66:     "terminationGracePeriodSeconds" = tonumber(null)
TestTerraformConfluentPlatformSinglenodeExample 2022-08-01T17:52:11Z logger.go:66:     "tolerations" = tolist(null) /* of object */
TestTerraformConfluentPlatformSinglenodeExample 2022-08-01T17:52:11Z logger.go:66:     "topologySpreadConstraints" = tolist(null) /* of object */
TestTerraformConfluentPlatformSinglenodeExample 2022-08-01T17:52:11Z logger.go:66:   }
TestTerraformConfluentPlatformSinglenodeExample 2022-08-01T17:52:11Z logger.go:66:   "replicas" = 1
TestTerraformConfluentPlatformSinglenodeExample 2022-08-01T17:52:11Z logger.go:66:   "storageClass" = {
TestTerraformConfluentPlatformSinglenodeExample 2022-08-01T17:52:11Z logger.go:66:     "name" = tostring(null)
TestTerraformConfluentPlatformSinglenodeExample 2022-08-01T17:52:11Z logger.go:66:   }
TestTerraformConfluentPlatformSinglenodeExample 2022-08-01T17:52:11Z logger.go:66:   "telemetry" = {
TestTerraformConfluentPlatformSinglenodeExample 2022-08-01T17:52:11Z logger.go:66:     "global" = tobool(null)
TestTerraformConfluentPlatformSinglenodeExample 2022-08-01T17:52:11Z logger.go:66:   }
TestTerraformConfluentPlatformSinglenodeExample 2022-08-01T17:52:11Z logger.go:66:   "tls" = {
TestTerraformConfluentPlatformSinglenodeExample 2022-08-01T17:52:11Z logger.go:66:     "autoGeneratedCerts" = tobool(null)
TestTerraformConfluentPlatformSinglenodeExample 2022-08-01T17:52:11Z logger.go:66:     "directoryPathInContainer" = tostring(null)
TestTerraformConfluentPlatformSinglenodeExample 2022-08-01T17:52:11Z logger.go:66:     "ignoreTrustStoreConfig" = tobool(null)
TestTerraformConfluentPlatformSinglenodeExample 2022-08-01T17:52:11Z logger.go:66:     "jksPassword" = {
TestTerraformConfluentPlatformSinglenodeExample 2022-08-01T17:52:11Z logger.go:66:       "secretRef" = tostring(null)
TestTerraformConfluentPlatformSinglenodeExample 2022-08-01T17:52:11Z logger.go:66:     }
TestTerraformConfluentPlatformSinglenodeExample 2022-08-01T17:52:11Z logger.go:66:     "secretRef" = tostring(null)
TestTerraformConfluentPlatformSinglenodeExample 2022-08-01T17:52:11Z logger.go:66:   }
TestTerraformConfluentPlatformSinglenodeExample 2022-08-01T17:52:11Z logger.go:66: }
TestTerraformConfluentPlatformSinglenodeExample 2022-08-01T17:52:11Z logger.go:66: namespace = "confluent"
TestTerraformConfluentPlatformSinglenodeExample 2022-08-01T17:52:11Z logger.go:66: schemaregistry = {
TestTerraformConfluentPlatformSinglenodeExample 2022-08-01T17:52:11Z logger.go:66:   "authentication" = {
TestTerraformConfluentPlatformSinglenodeExample 2022-08-01T17:52:11Z logger.go:66:     "basic" = {
TestTerraformConfluentPlatformSinglenodeExample 2022-08-01T17:52:11Z logger.go:66:       "debug" = tobool(null)
TestTerraformConfluentPlatformSinglenodeExample 2022-08-01T17:52:11Z logger.go:66:       "directoryPathInContainer" = tostring(null)
TestTerraformConfluentPlatformSinglenodeExample 2022-08-01T17:52:11Z logger.go:66:       "restrictedRoles" = tolist(null) /* of string */
TestTerraformConfluentPlatformSinglenodeExample 2022-08-01T17:52:11Z logger.go:66:       "roles" = tolist(null) /* of string */
TestTerraformConfluentPlatformSinglenodeExample 2022-08-01T17:52:11Z logger.go:66:       "secretRef" = tostring(null)
TestTerraformConfluentPlatformSinglenodeExample 2022-08-01T17:52:11Z logger.go:66:     }
TestTerraformConfluentPlatformSinglenodeExample 2022-08-01T17:52:11Z logger.go:66:     "type" = tostring(null)
TestTerraformConfluentPlatformSinglenodeExample 2022-08-01T17:52:11Z logger.go:66:   }
TestTerraformConfluentPlatformSinglenodeExample 2022-08-01T17:52:11Z logger.go:66:   "authorization" = {
TestTerraformConfluentPlatformSinglenodeExample 2022-08-01T17:52:11Z logger.go:66:     "kafkaRestClassRef" = {
TestTerraformConfluentPlatformSinglenodeExample 2022-08-01T17:52:11Z logger.go:66:       "name" = tostring(null)
TestTerraformConfluentPlatformSinglenodeExample 2022-08-01T17:52:11Z logger.go:66:       "namespace" = tostring(null)
TestTerraformConfluentPlatformSinglenodeExample 2022-08-01T17:52:11Z logger.go:66:     }
TestTerraformConfluentPlatformSinglenodeExample 2022-08-01T17:52:11Z logger.go:66:     "type" = tostring(null)
TestTerraformConfluentPlatformSinglenodeExample 2022-08-01T17:52:11Z logger.go:66:   }
TestTerraformConfluentPlatformSinglenodeExample 2022-08-01T17:52:11Z logger.go:66:   "configOverrides" = {
TestTerraformConfluentPlatformSinglenodeExample 2022-08-01T17:52:11Z logger.go:66:     "jvm" = tolist(null) /* of string */
TestTerraformConfluentPlatformSinglenodeExample 2022-08-01T17:52:11Z logger.go:66:     "log4j" = tolist(null) /* of string */
TestTerraformConfluentPlatformSinglenodeExample 2022-08-01T17:52:11Z logger.go:66:     "server" = tolist(null) /* of string */
TestTerraformConfluentPlatformSinglenodeExample 2022-08-01T17:52:11Z logger.go:66:   }
TestTerraformConfluentPlatformSinglenodeExample 2022-08-01T17:52:11Z logger.go:66:   "dependencies" = {
TestTerraformConfluentPlatformSinglenodeExample 2022-08-01T17:52:11Z logger.go:66:     "kafka" = {
TestTerraformConfluentPlatformSinglenodeExample 2022-08-01T17:52:11Z logger.go:66:       "authentication" = {
TestTerraformConfluentPlatformSinglenodeExample 2022-08-01T17:52:11Z logger.go:66:         "jaasConfig" = {
TestTerraformConfluentPlatformSinglenodeExample 2022-08-01T17:52:11Z logger.go:66:           "secretRef" = tostring(null)
TestTerraformConfluentPlatformSinglenodeExample 2022-08-01T17:52:11Z logger.go:66:         }
TestTerraformConfluentPlatformSinglenodeExample 2022-08-01T17:52:11Z logger.go:66:         "jaasConfigPassThrough" = {
TestTerraformConfluentPlatformSinglenodeExample 2022-08-01T17:52:11Z logger.go:66:           "directoryPathInContainer" = tostring(null)
TestTerraformConfluentPlatformSinglenodeExample 2022-08-01T17:52:11Z logger.go:66:           "secretRef" = tostring(null)
TestTerraformConfluentPlatformSinglenodeExample 2022-08-01T17:52:11Z logger.go:66:         }
TestTerraformConfluentPlatformSinglenodeExample 2022-08-01T17:52:11Z logger.go:66:         "oauthbearer" = {
TestTerraformConfluentPlatformSinglenodeExample 2022-08-01T17:52:11Z logger.go:66:           "directoryPathInContainer" = tostring(null)
TestTerraformConfluentPlatformSinglenodeExample 2022-08-01T17:52:11Z logger.go:66:           "secretRef" = tostring(null)
TestTerraformConfluentPlatformSinglenodeExample 2022-08-01T17:52:11Z logger.go:66:         }
TestTerraformConfluentPlatformSinglenodeExample 2022-08-01T17:52:11Z logger.go:66:         "type" = tostring(null)
TestTerraformConfluentPlatformSinglenodeExample 2022-08-01T17:52:11Z logger.go:66:       }
TestTerraformConfluentPlatformSinglenodeExample 2022-08-01T17:52:11Z logger.go:66:       "bootstrapEndpoint" = tostring(null)
TestTerraformConfluentPlatformSinglenodeExample 2022-08-01T17:52:11Z logger.go:66:       "discovery" = {
TestTerraformConfluentPlatformSinglenodeExample 2022-08-01T17:52:11Z logger.go:66:         "name" = tostring(null)
TestTerraformConfluentPlatformSinglenodeExample 2022-08-01T17:52:11Z logger.go:66:         "namespace" = tostring(null)
TestTerraformConfluentPlatformSinglenodeExample 2022-08-01T17:52:11Z logger.go:66:         "secretRef" = tostring(null)
TestTerraformConfluentPlatformSinglenodeExample 2022-08-01T17:52:11Z logger.go:66:       }
TestTerraformConfluentPlatformSinglenodeExample 2022-08-01T17:52:11Z logger.go:66:       "tls" = {
TestTerraformConfluentPlatformSinglenodeExample 2022-08-01T17:52:11Z logger.go:66:         "directoryPathInContainer" = tostring(null)
TestTerraformConfluentPlatformSinglenodeExample 2022-08-01T17:52:11Z logger.go:66:         "enabled" = tobool(null)
TestTerraformConfluentPlatformSinglenodeExample 2022-08-01T17:52:11Z logger.go:66:         "ignoreTrustStoreConfig" = tobool(null)
TestTerraformConfluentPlatformSinglenodeExample 2022-08-01T17:52:11Z logger.go:66:         "jksPassword" = {
TestTerraformConfluentPlatformSinglenodeExample 2022-08-01T17:52:11Z logger.go:66:           "secretRef" = tostring(null)
TestTerraformConfluentPlatformSinglenodeExample 2022-08-01T17:52:11Z logger.go:66:         }
TestTerraformConfluentPlatformSinglenodeExample 2022-08-01T17:52:11Z logger.go:66:         "secretRef" = tostring(null)
TestTerraformConfluentPlatformSinglenodeExample 2022-08-01T17:52:11Z logger.go:66:       }
TestTerraformConfluentPlatformSinglenodeExample 2022-08-01T17:52:11Z logger.go:66:     }
TestTerraformConfluentPlatformSinglenodeExample 2022-08-01T17:52:11Z logger.go:66:     "mds" = {
TestTerraformConfluentPlatformSinglenodeExample 2022-08-01T17:52:11Z logger.go:66:       "authentication" = {
TestTerraformConfluentPlatformSinglenodeExample 2022-08-01T17:52:11Z logger.go:66:         "bearer" = {
TestTerraformConfluentPlatformSinglenodeExample 2022-08-01T17:52:11Z logger.go:66:           "directoryPathInContainer" = tostring(null)
TestTerraformConfluentPlatformSinglenodeExample 2022-08-01T17:52:11Z logger.go:66:           "secretRef" = tostring(null)
TestTerraformConfluentPlatformSinglenodeExample 2022-08-01T17:52:11Z logger.go:66:         }
TestTerraformConfluentPlatformSinglenodeExample 2022-08-01T17:52:11Z logger.go:66:         "type" = tostring(null)
TestTerraformConfluentPlatformSinglenodeExample 2022-08-01T17:52:11Z logger.go:66:       }
TestTerraformConfluentPlatformSinglenodeExample 2022-08-01T17:52:11Z logger.go:66:       "endpoint" = tostring(null)
TestTerraformConfluentPlatformSinglenodeExample 2022-08-01T17:52:11Z logger.go:66:       "tls" = {
TestTerraformConfluentPlatformSinglenodeExample 2022-08-01T17:52:11Z logger.go:66:         "directoryPathInContainer" = tostring(null)
TestTerraformConfluentPlatformSinglenodeExample 2022-08-01T17:52:11Z logger.go:66:         "enabled" = tobool(null)
TestTerraformConfluentPlatformSinglenodeExample 2022-08-01T17:52:11Z logger.go:66:         "ignoreTrustStoreConfig" = tobool(null)
TestTerraformConfluentPlatformSinglenodeExample 2022-08-01T17:52:11Z logger.go:66:         "jksPassword" = {
TestTerraformConfluentPlatformSinglenodeExample 2022-08-01T17:52:11Z logger.go:66:           "secretRef" = tostring(null)
TestTerraformConfluentPlatformSinglenodeExample 2022-08-01T17:52:11Z logger.go:66:         }
TestTerraformConfluentPlatformSinglenodeExample 2022-08-01T17:52:11Z logger.go:66:         "secretRef" = tostring(null)
TestTerraformConfluentPlatformSinglenodeExample 2022-08-01T17:52:11Z logger.go:66:       }
TestTerraformConfluentPlatformSinglenodeExample 2022-08-01T17:52:11Z logger.go:66:       "tokenKeyPair" = {
TestTerraformConfluentPlatformSinglenodeExample 2022-08-01T17:52:11Z logger.go:66:         "directoryPathInContainer" = tostring(null)
TestTerraformConfluentPlatformSinglenodeExample 2022-08-01T17:52:11Z logger.go:66:         "secretRef" = tostring(null)
TestTerraformConfluentPlatformSinglenodeExample 2022-08-01T17:52:11Z logger.go:66:       }
TestTerraformConfluentPlatformSinglenodeExample 2022-08-01T17:52:11Z logger.go:66:     }
TestTerraformConfluentPlatformSinglenodeExample 2022-08-01T17:52:11Z logger.go:66:   }
TestTerraformConfluentPlatformSinglenodeExample 2022-08-01T17:52:11Z logger.go:66:   "enableSchemaExporter" = tobool(null)
TestTerraformConfluentPlatformSinglenodeExample 2022-08-01T17:52:11Z logger.go:66:   "externalAccess" = {
TestTerraformConfluentPlatformSinglenodeExample 2022-08-01T17:52:11Z logger.go:66:     "loadBalancer" = {
TestTerraformConfluentPlatformSinglenodeExample 2022-08-01T17:52:11Z logger.go:66:       "advertisedURL" = {
TestTerraformConfluentPlatformSinglenodeExample 2022-08-01T17:52:11Z logger.go:66:         "enabled" = tobool(null)
TestTerraformConfluentPlatformSinglenodeExample 2022-08-01T17:52:11Z logger.go:66:         "prefix" = tostring(null)
TestTerraformConfluentPlatformSinglenodeExample 2022-08-01T17:52:11Z logger.go:66:       }
TestTerraformConfluentPlatformSinglenodeExample 2022-08-01T17:52:11Z logger.go:66:       "annotations" = tomap(null) /* of string */
TestTerraformConfluentPlatformSinglenodeExample 2022-08-01T17:52:11Z logger.go:66:       "domain" = tostring(null)
TestTerraformConfluentPlatformSinglenodeExample 2022-08-01T17:52:11Z logger.go:66:       "externalTrafficPolicy" = tostring(null)
TestTerraformConfluentPlatformSinglenodeExample 2022-08-01T17:52:11Z logger.go:66:       "labels" = tomap(null) /* of string */
TestTerraformConfluentPlatformSinglenodeExample 2022-08-01T17:52:11Z logger.go:66:       "loadBalancerSourceRanges" = tolist(null) /* of string */
TestTerraformConfluentPlatformSinglenodeExample 2022-08-01T17:52:11Z logger.go:66:       "port" = tonumber(null)
TestTerraformConfluentPlatformSinglenodeExample 2022-08-01T17:52:11Z logger.go:66:       "prefix" = tostring(null)
TestTerraformConfluentPlatformSinglenodeExample 2022-08-01T17:52:11Z logger.go:66:       "servicePorts" = tolist(null) /* of object */
TestTerraformConfluentPlatformSinglenodeExample 2022-08-01T17:52:11Z logger.go:66:       "sessionAffinity" = tostring(null)
TestTerraformConfluentPlatformSinglenodeExample 2022-08-01T17:52:11Z logger.go:66:       "sessionAffinityConfig" = {
TestTerraformConfluentPlatformSinglenodeExample 2022-08-01T17:52:11Z logger.go:66:         "clientIP" = {
TestTerraformConfluentPlatformSinglenodeExample 2022-08-01T17:52:11Z logger.go:66:           "timeoutSeconds" = tonumber(null)
TestTerraformConfluentPlatformSinglenodeExample 2022-08-01T17:52:11Z logger.go:66:         }
TestTerraformConfluentPlatformSinglenodeExample 2022-08-01T17:52:11Z logger.go:66:       }
TestTerraformConfluentPlatformSinglenodeExample 2022-08-01T17:52:11Z logger.go:66:     }
TestTerraformConfluentPlatformSinglenodeExample 2022-08-01T17:52:11Z logger.go:66:     "nodePort" = {
TestTerraformConfluentPlatformSinglenodeExample 2022-08-01T17:52:11Z logger.go:66:       "advertisedURL" = {
TestTerraformConfluentPlatformSinglenodeExample 2022-08-01T17:52:11Z logger.go:66:         "enabled" = tobool(null)
TestTerraformConfluentPlatformSinglenodeExample 2022-08-01T17:52:11Z logger.go:66:         "prefix" = tostring(null)
TestTerraformConfluentPlatformSinglenodeExample 2022-08-01T17:52:11Z logger.go:66:       }
TestTerraformConfluentPlatformSinglenodeExample 2022-08-01T17:52:11Z logger.go:66:       "annotations" = tomap(null) /* of string */
TestTerraformConfluentPlatformSinglenodeExample 2022-08-01T17:52:11Z logger.go:66:       "externalTrafficPolicy" = tostring(null)
TestTerraformConfluentPlatformSinglenodeExample 2022-08-01T17:52:11Z logger.go:66:       "host" = tostring(null)
TestTerraformConfluentPlatformSinglenodeExample 2022-08-01T17:52:11Z logger.go:66:       "labels" = tomap(null) /* of string */
TestTerraformConfluentPlatformSinglenodeExample 2022-08-01T17:52:11Z logger.go:66:       "nodePortOffset" = tonumber(null)
TestTerraformConfluentPlatformSinglenodeExample 2022-08-01T17:52:11Z logger.go:66:       "servicePorts" = tolist(null) /* of object */
TestTerraformConfluentPlatformSinglenodeExample 2022-08-01T17:52:11Z logger.go:66:       "sessionAffinity" = tostring(null)
TestTerraformConfluentPlatformSinglenodeExample 2022-08-01T17:52:11Z logger.go:66:       "sessionAffinityConfig" = {
TestTerraformConfluentPlatformSinglenodeExample 2022-08-01T17:52:11Z logger.go:66:         "clientIP" = {
TestTerraformConfluentPlatformSinglenodeExample 2022-08-01T17:52:11Z logger.go:66:           "timeoutSeconds" = tonumber(null)
TestTerraformConfluentPlatformSinglenodeExample 2022-08-01T17:52:11Z logger.go:66:         }
TestTerraformConfluentPlatformSinglenodeExample 2022-08-01T17:52:11Z logger.go:66:       }
TestTerraformConfluentPlatformSinglenodeExample 2022-08-01T17:52:11Z logger.go:66:     }
TestTerraformConfluentPlatformSinglenodeExample 2022-08-01T17:52:11Z logger.go:66:     "route" = {
TestTerraformConfluentPlatformSinglenodeExample 2022-08-01T17:52:11Z logger.go:66:       "annotations" = tomap(null) /* of string */
TestTerraformConfluentPlatformSinglenodeExample 2022-08-01T17:52:11Z logger.go:66:       "domain" = tostring(null)
TestTerraformConfluentPlatformSinglenodeExample 2022-08-01T17:52:11Z logger.go:66:       "labels" = tomap(null) /* of string */
TestTerraformConfluentPlatformSinglenodeExample 2022-08-01T17:52:11Z logger.go:66:       "prefix" = tostring(null)
TestTerraformConfluentPlatformSinglenodeExample 2022-08-01T17:52:11Z logger.go:66:       "wildcardPolicy" = tostring(null)
TestTerraformConfluentPlatformSinglenodeExample 2022-08-01T17:52:11Z logger.go:66:     }
TestTerraformConfluentPlatformSinglenodeExample 2022-08-01T17:52:11Z logger.go:66:     "type" = tostring(null)
TestTerraformConfluentPlatformSinglenodeExample 2022-08-01T17:52:11Z logger.go:66:   }
TestTerraformConfluentPlatformSinglenodeExample 2022-08-01T17:52:11Z logger.go:66:   "headlessService" = {
TestTerraformConfluentPlatformSinglenodeExample 2022-08-01T17:52:11Z logger.go:66:     "annotations" = tomap(null) /* of string */
TestTerraformConfluentPlatformSinglenodeExample 2022-08-01T17:52:11Z logger.go:66:     "labels" = tomap(null) /* of string */
TestTerraformConfluentPlatformSinglenodeExample 2022-08-01T17:52:11Z logger.go:66:     "publishNotReadyAddresses" = tobool(null)
TestTerraformConfluentPlatformSinglenodeExample 2022-08-01T17:52:11Z logger.go:66:   }
TestTerraformConfluentPlatformSinglenodeExample 2022-08-01T17:52:11Z logger.go:66:   "image" = {
TestTerraformConfluentPlatformSinglenodeExample 2022-08-01T17:52:11Z logger.go:66:     "application" = "confluentinc/cp-schema-registry:7.2.0"
TestTerraformConfluentPlatformSinglenodeExample 2022-08-01T17:52:11Z logger.go:66:     "init" = "confluentinc/confluent-init-container:2.4.0"
TestTerraformConfluentPlatformSinglenodeExample 2022-08-01T17:52:11Z logger.go:66:     "pullPolicy" = tostring(null)
TestTerraformConfluentPlatformSinglenodeExample 2022-08-01T17:52:11Z logger.go:66:     "pullSecretRef" = tolist(null) /* of string */
TestTerraformConfluentPlatformSinglenodeExample 2022-08-01T17:52:11Z logger.go:66:   }
TestTerraformConfluentPlatformSinglenodeExample 2022-08-01T17:52:11Z logger.go:66:   "injectAnnotations" = tomap(null) /* of string */
TestTerraformConfluentPlatformSinglenodeExample 2022-08-01T17:52:11Z logger.go:66:   "injectLabels" = tomap(null) /* of string */
TestTerraformConfluentPlatformSinglenodeExample 2022-08-01T17:52:11Z logger.go:66:   "internalTopicReplicatorFactor" = tonumber(null)
TestTerraformConfluentPlatformSinglenodeExample 2022-08-01T17:52:11Z logger.go:66:   "k8sClusterDomain" = tostring(null)
TestTerraformConfluentPlatformSinglenodeExample 2022-08-01T17:52:11Z logger.go:66:   "license" = {
TestTerraformConfluentPlatformSinglenodeExample 2022-08-01T17:52:11Z logger.go:66:     "directoryPathInContainer" = tostring(null)
TestTerraformConfluentPlatformSinglenodeExample 2022-08-01T17:52:11Z logger.go:66:     "globalLicense" = tobool(null)
TestTerraformConfluentPlatformSinglenodeExample 2022-08-01T17:52:11Z logger.go:66:     "secretRef" = tostring(null)
TestTerraformConfluentPlatformSinglenodeExample 2022-08-01T17:52:11Z logger.go:66:   }
TestTerraformConfluentPlatformSinglenodeExample 2022-08-01T17:52:11Z logger.go:66:   "metrics" = {
TestTerraformConfluentPlatformSinglenodeExample 2022-08-01T17:52:11Z logger.go:66:     "authentication" = {
TestTerraformConfluentPlatformSinglenodeExample 2022-08-01T17:52:11Z logger.go:66:       "type" = tostring(null)
TestTerraformConfluentPlatformSinglenodeExample 2022-08-01T17:52:11Z logger.go:66:     }
TestTerraformConfluentPlatformSinglenodeExample 2022-08-01T17:52:11Z logger.go:66:     "prometheus" = {
TestTerraformConfluentPlatformSinglenodeExample 2022-08-01T17:52:11Z logger.go:66:       "blacklist" = tolist(null) /* of string */
TestTerraformConfluentPlatformSinglenodeExample 2022-08-01T17:52:11Z logger.go:66:       "rules" = tolist(null) /* of object */
TestTerraformConfluentPlatformSinglenodeExample 2022-08-01T17:52:11Z logger.go:66:       "whitelist" = tolist(null) /* of string */
TestTerraformConfluentPlatformSinglenodeExample 2022-08-01T17:52:11Z logger.go:66:     }
TestTerraformConfluentPlatformSinglenodeExample 2022-08-01T17:52:11Z logger.go:66:     "tls" = {
TestTerraformConfluentPlatformSinglenodeExample 2022-08-01T17:52:11Z logger.go:66:       "directoryPathInContainer" = tostring(null)
TestTerraformConfluentPlatformSinglenodeExample 2022-08-01T17:52:11Z logger.go:66:       "enabled" = tobool(null)
TestTerraformConfluentPlatformSinglenodeExample 2022-08-01T17:52:11Z logger.go:66:       "ignoreTrustStoreConfig" = tobool(null)
TestTerraformConfluentPlatformSinglenodeExample 2022-08-01T17:52:11Z logger.go:66:       "jksPassword" = {
TestTerraformConfluentPlatformSinglenodeExample 2022-08-01T17:52:11Z logger.go:66:         "secretRef" = tostring(null)
TestTerraformConfluentPlatformSinglenodeExample 2022-08-01T17:52:11Z logger.go:66:       }
TestTerraformConfluentPlatformSinglenodeExample 2022-08-01T17:52:11Z logger.go:66:       "secretRef" = tostring(null)
TestTerraformConfluentPlatformSinglenodeExample 2022-08-01T17:52:11Z logger.go:66:     }
TestTerraformConfluentPlatformSinglenodeExample 2022-08-01T17:52:11Z logger.go:66:   }
TestTerraformConfluentPlatformSinglenodeExample 2022-08-01T17:52:11Z logger.go:66:   "mountedSecrets" = tolist(null) /* of object */
TestTerraformConfluentPlatformSinglenodeExample 2022-08-01T17:52:11Z logger.go:66:   "mountedVolumes" = {
TestTerraformConfluentPlatformSinglenodeExample 2022-08-01T17:52:11Z logger.go:66:     "volumeMounts" = tolist(null) /* of object */
TestTerraformConfluentPlatformSinglenodeExample 2022-08-01T17:52:11Z logger.go:66:     "volumes" = null /* tuple */
TestTerraformConfluentPlatformSinglenodeExample 2022-08-01T17:52:11Z logger.go:66:   }
TestTerraformConfluentPlatformSinglenodeExample 2022-08-01T17:52:11Z logger.go:66:   "oneReplicaPerNode" = tobool(null)
TestTerraformConfluentPlatformSinglenodeExample 2022-08-01T17:52:11Z logger.go:66:   "passwordEncoder" = {
TestTerraformConfluentPlatformSinglenodeExample 2022-08-01T17:52:11Z logger.go:66:     "directoryPathInContainer" = tostring(null)
TestTerraformConfluentPlatformSinglenodeExample 2022-08-01T17:52:11Z logger.go:66:     "secretRef" = tostring(null)
TestTerraformConfluentPlatformSinglenodeExample 2022-08-01T17:52:11Z logger.go:66:   }
TestTerraformConfluentPlatformSinglenodeExample 2022-08-01T17:52:11Z logger.go:66:   "podTemplate" = {
TestTerraformConfluentPlatformSinglenodeExample 2022-08-01T17:52:11Z logger.go:66:     "affinity" = {
TestTerraformConfluentPlatformSinglenodeExample 2022-08-01T17:52:11Z logger.go:66:       "nodeAffinity" = {
TestTerraformConfluentPlatformSinglenodeExample 2022-08-01T17:52:11Z logger.go:66:         "preferredDuringSchedulingIgnoredDuringExecution" = tolist(null) /* of object */
TestTerraformConfluentPlatformSinglenodeExample 2022-08-01T17:52:11Z logger.go:66:         "requiredDuringSchedulingIgnoredDuringExecution" = {
TestTerraformConfluentPlatformSinglenodeExample 2022-08-01T17:52:11Z logger.go:66:           "nodeSelectorTerms" = tolist(null) /* of object */
TestTerraformConfluentPlatformSinglenodeExample 2022-08-01T17:52:11Z logger.go:66:         }
TestTerraformConfluentPlatformSinglenodeExample 2022-08-01T17:52:11Z logger.go:66:       }
TestTerraformConfluentPlatformSinglenodeExample 2022-08-01T17:52:11Z logger.go:66:       "podAffinity" = {
TestTerraformConfluentPlatformSinglenodeExample 2022-08-01T17:52:11Z logger.go:66:         "preferredDuringSchedulingIgnoredDuringExecution" = tolist(null) /* of object */
TestTerraformConfluentPlatformSinglenodeExample 2022-08-01T17:52:11Z logger.go:66:         "requiredDuringSchedulingIgnoredDuringExecution" = tolist(null) /* of object */
TestTerraformConfluentPlatformSinglenodeExample 2022-08-01T17:52:11Z logger.go:66:       }
TestTerraformConfluentPlatformSinglenodeExample 2022-08-01T17:52:11Z logger.go:66:       "podAntiAffinity" = {
TestTerraformConfluentPlatformSinglenodeExample 2022-08-01T17:52:11Z logger.go:66:         "preferredDuringSchedulingIgnoredDuringExecution" = tolist(null) /* of object */
TestTerraformConfluentPlatformSinglenodeExample 2022-08-01T17:52:11Z logger.go:66:         "requiredDuringSchedulingIgnoredDuringExecution" = tolist(null) /* of object */
TestTerraformConfluentPlatformSinglenodeExample 2022-08-01T17:52:11Z logger.go:66:       }
TestTerraformConfluentPlatformSinglenodeExample 2022-08-01T17:52:11Z logger.go:66:     }
TestTerraformConfluentPlatformSinglenodeExample 2022-08-01T17:52:11Z logger.go:66:     "annotations" = tomap(null) /* of string */
TestTerraformConfluentPlatformSinglenodeExample 2022-08-01T17:52:11Z logger.go:66:     "envVars" = tolist(null) /* of object */
TestTerraformConfluentPlatformSinglenodeExample 2022-08-01T17:52:11Z logger.go:66:     "labels" = tomap(null) /* of string */
TestTerraformConfluentPlatformSinglenodeExample 2022-08-01T17:52:11Z logger.go:66:     "podSecurityContext" = {
TestTerraformConfluentPlatformSinglenodeExample 2022-08-01T17:52:11Z logger.go:66:       "fsGroup" = 1000
TestTerraformConfluentPlatformSinglenodeExample 2022-08-01T17:52:11Z logger.go:66:       "fsGroupChangePolicy" = tostring(null)
TestTerraformConfluentPlatformSinglenodeExample 2022-08-01T17:52:11Z logger.go:66:       "runAsGroup" = tonumber(null)
TestTerraformConfluentPlatformSinglenodeExample 2022-08-01T17:52:11Z logger.go:66:       "runAsNonRoot" = true
TestTerraformConfluentPlatformSinglenodeExample 2022-08-01T17:52:11Z logger.go:66:       "runAsUser" = 1000
TestTerraformConfluentPlatformSinglenodeExample 2022-08-01T17:52:11Z logger.go:66:       "seLinuxOptions" = {
TestTerraformConfluentPlatformSinglenodeExample 2022-08-01T17:52:11Z logger.go:66:         "level" = tostring(null)
TestTerraformConfluentPlatformSinglenodeExample 2022-08-01T17:52:11Z logger.go:66:         "role" = tostring(null)
TestTerraformConfluentPlatformSinglenodeExample 2022-08-01T17:52:11Z logger.go:66:         "type" = tostring(null)
TestTerraformConfluentPlatformSinglenodeExample 2022-08-01T17:52:11Z logger.go:66:         "user" = tostring(null)
TestTerraformConfluentPlatformSinglenodeExample 2022-08-01T17:52:11Z logger.go:66:       }
TestTerraformConfluentPlatformSinglenodeExample 2022-08-01T17:52:11Z logger.go:66:       "seccompProfile" = {
TestTerraformConfluentPlatformSinglenodeExample 2022-08-01T17:52:11Z logger.go:66:         "localhostProfile" = tostring(null)
TestTerraformConfluentPlatformSinglenodeExample 2022-08-01T17:52:11Z logger.go:66:         "type" = tostring(null)
TestTerraformConfluentPlatformSinglenodeExample 2022-08-01T17:52:11Z logger.go:66:       }
TestTerraformConfluentPlatformSinglenodeExample 2022-08-01T17:52:11Z logger.go:66:       "supplementalGroups" = tolist(null) /* of number */
TestTerraformConfluentPlatformSinglenodeExample 2022-08-01T17:52:11Z logger.go:66:       "sysctls" = tolist(null) /* of object */
TestTerraformConfluentPlatformSinglenodeExample 2022-08-01T17:52:11Z logger.go:66:       "windowsOptions" = {
TestTerraformConfluentPlatformSinglenodeExample 2022-08-01T17:52:11Z logger.go:66:         "gmsaCredentialSpec" = tostring(null)
TestTerraformConfluentPlatformSinglenodeExample 2022-08-01T17:52:11Z logger.go:66:         "gmsaCredentialSpecName" = tostring(null)
TestTerraformConfluentPlatformSinglenodeExample 2022-08-01T17:52:11Z logger.go:66:         "hostProcess" = tobool(null)
TestTerraformConfluentPlatformSinglenodeExample 2022-08-01T17:52:11Z logger.go:66:         "runAsUserName" = tostring(null)
TestTerraformConfluentPlatformSinglenodeExample 2022-08-01T17:52:11Z logger.go:66:       }
TestTerraformConfluentPlatformSinglenodeExample 2022-08-01T17:52:11Z logger.go:66:     }
TestTerraformConfluentPlatformSinglenodeExample 2022-08-01T17:52:11Z logger.go:66:     "priorityClassName" = tostring(null)
TestTerraformConfluentPlatformSinglenodeExample 2022-08-01T17:52:11Z logger.go:66:     "probe" = {
TestTerraformConfluentPlatformSinglenodeExample 2022-08-01T17:52:11Z logger.go:66:       "liveness" = {
TestTerraformConfluentPlatformSinglenodeExample 2022-08-01T17:52:11Z logger.go:66:         "failureThreshold" = tonumber(null)
TestTerraformConfluentPlatformSinglenodeExample 2022-08-01T17:52:11Z logger.go:66:         "initialDelaySeconds" = tonumber(null)
TestTerraformConfluentPlatformSinglenodeExample 2022-08-01T17:52:11Z logger.go:66:         "periodSeconds" = tonumber(null)
TestTerraformConfluentPlatformSinglenodeExample 2022-08-01T17:52:11Z logger.go:66:         "successThreshold" = tonumber(null)
TestTerraformConfluentPlatformSinglenodeExample 2022-08-01T17:52:11Z logger.go:66:         "timeoutSeconds" = tonumber(null)
TestTerraformConfluentPlatformSinglenodeExample 2022-08-01T17:52:11Z logger.go:66:       }
TestTerraformConfluentPlatformSinglenodeExample 2022-08-01T17:52:11Z logger.go:66:       "readiness" = {
TestTerraformConfluentPlatformSinglenodeExample 2022-08-01T17:52:11Z logger.go:66:         "failureThreshold" = tonumber(null)
TestTerraformConfluentPlatformSinglenodeExample 2022-08-01T17:52:11Z logger.go:66:         "initialDelaySeconds" = tonumber(null)
TestTerraformConfluentPlatformSinglenodeExample 2022-08-01T17:52:11Z logger.go:66:         "periodSeconds" = tonumber(null)
TestTerraformConfluentPlatformSinglenodeExample 2022-08-01T17:52:11Z logger.go:66:         "successThreshold" = tonumber(null)
TestTerraformConfluentPlatformSinglenodeExample 2022-08-01T17:52:11Z logger.go:66:         "timeoutSeconds" = tonumber(null)
TestTerraformConfluentPlatformSinglenodeExample 2022-08-01T17:52:11Z logger.go:66:       }
TestTerraformConfluentPlatformSinglenodeExample 2022-08-01T17:52:11Z logger.go:66:     }
TestTerraformConfluentPlatformSinglenodeExample 2022-08-01T17:52:11Z logger.go:66:     "resources" = {
TestTerraformConfluentPlatformSinglenodeExample 2022-08-01T17:52:11Z logger.go:66:       "limits" = tomap(null) /* of string */
TestTerraformConfluentPlatformSinglenodeExample 2022-08-01T17:52:11Z logger.go:66:       "requests" = tomap({
TestTerraformConfluentPlatformSinglenodeExample 2022-08-01T17:52:11Z logger.go:66:         "cpu" = "100m"
TestTerraformConfluentPlatformSinglenodeExample 2022-08-01T17:52:11Z logger.go:66:         "memory" = "256Mi"
TestTerraformConfluentPlatformSinglenodeExample 2022-08-01T17:52:11Z logger.go:66:       })
TestTerraformConfluentPlatformSinglenodeExample 2022-08-01T17:52:11Z logger.go:66:     }
TestTerraformConfluentPlatformSinglenodeExample 2022-08-01T17:52:11Z logger.go:66:     "securityContext" = {
TestTerraformConfluentPlatformSinglenodeExample 2022-08-01T17:52:11Z logger.go:66:       "allowPrivilegeEscalation" = tobool(null)
TestTerraformConfluentPlatformSinglenodeExample 2022-08-01T17:52:11Z logger.go:66:       "capabilities" = {
TestTerraformConfluentPlatformSinglenodeExample 2022-08-01T17:52:11Z logger.go:66:         "add" = tolist(null) /* of string */
TestTerraformConfluentPlatformSinglenodeExample 2022-08-01T17:52:11Z logger.go:66:         "drop" = tolist(null) /* of string */
TestTerraformConfluentPlatformSinglenodeExample 2022-08-01T17:52:11Z logger.go:66:       }
TestTerraformConfluentPlatformSinglenodeExample 2022-08-01T17:52:11Z logger.go:66:       "privileged" = tobool(null)
TestTerraformConfluentPlatformSinglenodeExample 2022-08-01T17:52:11Z logger.go:66:       "procMount" = tostring(null)
TestTerraformConfluentPlatformSinglenodeExample 2022-08-01T17:52:11Z logger.go:66:       "readOnlyRootFilesystem" = tobool(null)
TestTerraformConfluentPlatformSinglenodeExample 2022-08-01T17:52:11Z logger.go:66:       "runAsGroup" = tonumber(null)
TestTerraformConfluentPlatformSinglenodeExample 2022-08-01T17:52:11Z logger.go:66:       "runAsNonRoot" = tobool(null)
TestTerraformConfluentPlatformSinglenodeExample 2022-08-01T17:52:11Z logger.go:66:       "runAsUser" = tonumber(null)
TestTerraformConfluentPlatformSinglenodeExample 2022-08-01T17:52:11Z logger.go:66:       "seLinuxOptions" = {
TestTerraformConfluentPlatformSinglenodeExample 2022-08-01T17:52:11Z logger.go:66:         "level" = tostring(null)
TestTerraformConfluentPlatformSinglenodeExample 2022-08-01T17:52:11Z logger.go:66:         "role" = tostring(null)
TestTerraformConfluentPlatformSinglenodeExample 2022-08-01T17:52:11Z logger.go:66:         "type" = tostring(null)
TestTerraformConfluentPlatformSinglenodeExample 2022-08-01T17:52:11Z logger.go:66:         "user" = tostring(null)
TestTerraformConfluentPlatformSinglenodeExample 2022-08-01T17:52:11Z logger.go:66:       }
TestTerraformConfluentPlatformSinglenodeExample 2022-08-01T17:52:11Z logger.go:66:       "seccompProfile" = {
TestTerraformConfluentPlatformSinglenodeExample 2022-08-01T17:52:11Z logger.go:66:         "localhostProfile" = tostring(null)
TestTerraformConfluentPlatformSinglenodeExample 2022-08-01T17:52:11Z logger.go:66:         "type" = tostring(null)
TestTerraformConfluentPlatformSinglenodeExample 2022-08-01T17:52:11Z logger.go:66:       }
TestTerraformConfluentPlatformSinglenodeExample 2022-08-01T17:52:11Z logger.go:66:       "windowsOptions" = {
TestTerraformConfluentPlatformSinglenodeExample 2022-08-01T17:52:11Z logger.go:66:         "gmsaCredentialSpec" = tostring(null)
TestTerraformConfluentPlatformSinglenodeExample 2022-08-01T17:52:11Z logger.go:66:         "gmsaCredentialSpecName" = tostring(null)
TestTerraformConfluentPlatformSinglenodeExample 2022-08-01T17:52:11Z logger.go:66:         "hostProcess" = tobool(null)
TestTerraformConfluentPlatformSinglenodeExample 2022-08-01T17:52:11Z logger.go:66:         "runAsUserName" = tostring(null)
TestTerraformConfluentPlatformSinglenodeExample 2022-08-01T17:52:11Z logger.go:66:       }
TestTerraformConfluentPlatformSinglenodeExample 2022-08-01T17:52:11Z logger.go:66:     }
TestTerraformConfluentPlatformSinglenodeExample 2022-08-01T17:52:11Z logger.go:66:     "serviceAccountName" = tostring(null)
TestTerraformConfluentPlatformSinglenodeExample 2022-08-01T17:52:11Z logger.go:66:     "terminationGracePeriodSeconds" = tonumber(null)
TestTerraformConfluentPlatformSinglenodeExample 2022-08-01T17:52:11Z logger.go:66:     "tolerations" = tolist(null) /* of object */
TestTerraformConfluentPlatformSinglenodeExample 2022-08-01T17:52:11Z logger.go:66:     "topologySpreadConstraints" = tolist(null) /* of object */
TestTerraformConfluentPlatformSinglenodeExample 2022-08-01T17:52:11Z logger.go:66:   }
TestTerraformConfluentPlatformSinglenodeExample 2022-08-01T17:52:11Z logger.go:66:   "replicas" = 1
TestTerraformConfluentPlatformSinglenodeExample 2022-08-01T17:52:11Z logger.go:66:   "telemetry" = {
TestTerraformConfluentPlatformSinglenodeExample 2022-08-01T17:52:11Z logger.go:66:     "global" = tobool(null)
TestTerraformConfluentPlatformSinglenodeExample 2022-08-01T17:52:11Z logger.go:66:   }
TestTerraformConfluentPlatformSinglenodeExample 2022-08-01T17:52:11Z logger.go:66:   "tls" = {
TestTerraformConfluentPlatformSinglenodeExample 2022-08-01T17:52:11Z logger.go:66:     "autoGeneratedCerts" = tobool(null)
TestTerraformConfluentPlatformSinglenodeExample 2022-08-01T17:52:11Z logger.go:66:     "directoryPathInContainer" = tostring(null)
TestTerraformConfluentPlatformSinglenodeExample 2022-08-01T17:52:11Z logger.go:66:     "ignoreTrustStoreConfig" = tobool(null)
TestTerraformConfluentPlatformSinglenodeExample 2022-08-01T17:52:11Z logger.go:66:     "jksPassword" = {
TestTerraformConfluentPlatformSinglenodeExample 2022-08-01T17:52:11Z logger.go:66:       "secretRef" = tostring(null)
TestTerraformConfluentPlatformSinglenodeExample 2022-08-01T17:52:11Z logger.go:66:     }
TestTerraformConfluentPlatformSinglenodeExample 2022-08-01T17:52:11Z logger.go:66:     "secretRef" = tostring(null)
TestTerraformConfluentPlatformSinglenodeExample 2022-08-01T17:52:11Z logger.go:66:   }
TestTerraformConfluentPlatformSinglenodeExample 2022-08-01T17:52:11Z logger.go:66: }
TestTerraformConfluentPlatformSinglenodeExample 2022-08-01T17:52:11Z logger.go:66: zookeeper = {
TestTerraformConfluentPlatformSinglenodeExample 2022-08-01T17:52:11Z logger.go:66:   "authentication" = {
TestTerraformConfluentPlatformSinglenodeExample 2022-08-01T17:52:11Z logger.go:66:     "jaasConfig" = {
TestTerraformConfluentPlatformSinglenodeExample 2022-08-01T17:52:11Z logger.go:66:       "secretRef" = tostring(null)
TestTerraformConfluentPlatformSinglenodeExample 2022-08-01T17:52:11Z logger.go:66:     }
TestTerraformConfluentPlatformSinglenodeExample 2022-08-01T17:52:11Z logger.go:66:     "jaasConfigPassThrough" = {
TestTerraformConfluentPlatformSinglenodeExample 2022-08-01T17:52:11Z logger.go:66:       "directoryPathInContainer" = tostring(null)
TestTerraformConfluentPlatformSinglenodeExample 2022-08-01T17:52:11Z logger.go:66:       "secretRef" = tostring(null)
TestTerraformConfluentPlatformSinglenodeExample 2022-08-01T17:52:11Z logger.go:66:     }
TestTerraformConfluentPlatformSinglenodeExample 2022-08-01T17:52:11Z logger.go:66:     "principalMappingRules" = tolist(null) /* of string */
TestTerraformConfluentPlatformSinglenodeExample 2022-08-01T17:52:11Z logger.go:66:     "type" = tostring(null)
TestTerraformConfluentPlatformSinglenodeExample 2022-08-01T17:52:11Z logger.go:66:   }
TestTerraformConfluentPlatformSinglenodeExample 2022-08-01T17:52:11Z logger.go:66:   "configOverrides" = {
TestTerraformConfluentPlatformSinglenodeExample 2022-08-01T17:52:11Z logger.go:66:     "jvm" = tolist(null) /* of string */
TestTerraformConfluentPlatformSinglenodeExample 2022-08-01T17:52:11Z logger.go:66:     "log4j" = tolist(null) /* of string */
TestTerraformConfluentPlatformSinglenodeExample 2022-08-01T17:52:11Z logger.go:66:     "peers" = tolist(null) /* of string */
TestTerraformConfluentPlatformSinglenodeExample 2022-08-01T17:52:11Z logger.go:66:     "server" = tolist(null) /* of string */
TestTerraformConfluentPlatformSinglenodeExample 2022-08-01T17:52:11Z logger.go:66:   }
TestTerraformConfluentPlatformSinglenodeExample 2022-08-01T17:52:11Z logger.go:66:   "dataVolumeCapacity" = "10Gi"
TestTerraformConfluentPlatformSinglenodeExample 2022-08-01T17:52:11Z logger.go:66:   "headlessService" = {
TestTerraformConfluentPlatformSinglenodeExample 2022-08-01T17:52:11Z logger.go:66:     "annotations" = tomap(null) /* of string */
TestTerraformConfluentPlatformSinglenodeExample 2022-08-01T17:52:11Z logger.go:66:     "labels" = tomap(null) /* of string */
TestTerraformConfluentPlatformSinglenodeExample 2022-08-01T17:52:11Z logger.go:66:     "publishNotReadyAddresses" = tobool(null)
TestTerraformConfluentPlatformSinglenodeExample 2022-08-01T17:52:11Z logger.go:66:   }
TestTerraformConfluentPlatformSinglenodeExample 2022-08-01T17:52:11Z logger.go:66:   "image" = {
TestTerraformConfluentPlatformSinglenodeExample 2022-08-01T17:52:11Z logger.go:66:     "application" = "confluentinc/cp-zookeeper:7.2.0"
TestTerraformConfluentPlatformSinglenodeExample 2022-08-01T17:52:11Z logger.go:66:     "init" = "confluentinc/confluent-init-container:2.4.0"
TestTerraformConfluentPlatformSinglenodeExample 2022-08-01T17:52:11Z logger.go:66:     "pullPolicy" = tostring(null)
TestTerraformConfluentPlatformSinglenodeExample 2022-08-01T17:52:11Z logger.go:66:     "pullSecretRef" = tolist(null) /* of string */
TestTerraformConfluentPlatformSinglenodeExample 2022-08-01T17:52:11Z logger.go:66:   }
TestTerraformConfluentPlatformSinglenodeExample 2022-08-01T17:52:11Z logger.go:66:   "injectAnnotations" = tomap(null) /* of string */
TestTerraformConfluentPlatformSinglenodeExample 2022-08-01T17:52:11Z logger.go:66:   "injectLabels" = tomap(null) /* of string */
TestTerraformConfluentPlatformSinglenodeExample 2022-08-01T17:52:11Z logger.go:66:   "k8sClusterDomain" = tostring(null)
TestTerraformConfluentPlatformSinglenodeExample 2022-08-01T17:52:11Z logger.go:66:   "license" = {
TestTerraformConfluentPlatformSinglenodeExample 2022-08-01T17:52:11Z logger.go:66:     "directoryPathInContainer" = tostring(null)
TestTerraformConfluentPlatformSinglenodeExample 2022-08-01T17:52:11Z logger.go:66:     "globalLicense" = tobool(null)
TestTerraformConfluentPlatformSinglenodeExample 2022-08-01T17:52:11Z logger.go:66:     "secretRef" = tostring(null)
TestTerraformConfluentPlatformSinglenodeExample 2022-08-01T17:52:11Z logger.go:66:   }
TestTerraformConfluentPlatformSinglenodeExample 2022-08-01T17:52:11Z logger.go:66:   "logVolumeCapacity" = "10Gi"
TestTerraformConfluentPlatformSinglenodeExample 2022-08-01T17:52:11Z logger.go:66:   "metrics" = {
TestTerraformConfluentPlatformSinglenodeExample 2022-08-01T17:52:11Z logger.go:66:     "authentication" = {
TestTerraformConfluentPlatformSinglenodeExample 2022-08-01T17:52:11Z logger.go:66:       "type" = tostring(null)
TestTerraformConfluentPlatformSinglenodeExample 2022-08-01T17:52:11Z logger.go:66:     }
TestTerraformConfluentPlatformSinglenodeExample 2022-08-01T17:52:11Z logger.go:66:     "prometheus" = {
TestTerraformConfluentPlatformSinglenodeExample 2022-08-01T17:52:11Z logger.go:66:       "blacklist" = tolist(null) /* of string */
TestTerraformConfluentPlatformSinglenodeExample 2022-08-01T17:52:11Z logger.go:66:       "rules" = tolist(null) /* of object */
TestTerraformConfluentPlatformSinglenodeExample 2022-08-01T17:52:11Z logger.go:66:       "whitelist" = tolist(null) /* of string */
TestTerraformConfluentPlatformSinglenodeExample 2022-08-01T17:52:11Z logger.go:66:     }
TestTerraformConfluentPlatformSinglenodeExample 2022-08-01T17:52:11Z logger.go:66:     "tls" = {
TestTerraformConfluentPlatformSinglenodeExample 2022-08-01T17:52:11Z logger.go:66:       "directoryPathInContainer" = tostring(null)
TestTerraformConfluentPlatformSinglenodeExample 2022-08-01T17:52:11Z logger.go:66:       "enabled" = tobool(null)
TestTerraformConfluentPlatformSinglenodeExample 2022-08-01T17:52:11Z logger.go:66:       "ignoreTrustStoreConfig" = tobool(null)
TestTerraformConfluentPlatformSinglenodeExample 2022-08-01T17:52:11Z logger.go:66:       "jksPassword" = {
TestTerraformConfluentPlatformSinglenodeExample 2022-08-01T17:52:11Z logger.go:66:         "secretRef" = tostring(null)
TestTerraformConfluentPlatformSinglenodeExample 2022-08-01T17:52:11Z logger.go:66:       }
TestTerraformConfluentPlatformSinglenodeExample 2022-08-01T17:52:11Z logger.go:66:       "secretRef" = tostring(null)
TestTerraformConfluentPlatformSinglenodeExample 2022-08-01T17:52:11Z logger.go:66:     }
TestTerraformConfluentPlatformSinglenodeExample 2022-08-01T17:52:11Z logger.go:66:   }
TestTerraformConfluentPlatformSinglenodeExample 2022-08-01T17:52:11Z logger.go:66:   "mountedSecrets" = tolist(null) /* of object */
TestTerraformConfluentPlatformSinglenodeExample 2022-08-01T17:52:11Z logger.go:66:   "mountedVolumes" = {
TestTerraformConfluentPlatformSinglenodeExample 2022-08-01T17:52:11Z logger.go:66:     "volumeMounts" = tolist(null) /* of object */
TestTerraformConfluentPlatformSinglenodeExample 2022-08-01T17:52:11Z logger.go:66:     "volumes" = null /* tuple */
TestTerraformConfluentPlatformSinglenodeExample 2022-08-01T17:52:11Z logger.go:66:   }
TestTerraformConfluentPlatformSinglenodeExample 2022-08-01T17:52:11Z logger.go:66:   "oneReplicaPerNode" = tobool(null)
TestTerraformConfluentPlatformSinglenodeExample 2022-08-01T17:52:11Z logger.go:66:   "podTemplate" = {
TestTerraformConfluentPlatformSinglenodeExample 2022-08-01T17:52:11Z logger.go:66:     "affinity" = {
TestTerraformConfluentPlatformSinglenodeExample 2022-08-01T17:52:11Z logger.go:66:       "nodeAffinity" = {
TestTerraformConfluentPlatformSinglenodeExample 2022-08-01T17:52:11Z logger.go:66:         "preferredDuringSchedulingIgnoredDuringExecution" = tolist(null) /* of object */
TestTerraformConfluentPlatformSinglenodeExample 2022-08-01T17:52:11Z logger.go:66:         "requiredDuringSchedulingIgnoredDuringExecution" = {
TestTerraformConfluentPlatformSinglenodeExample 2022-08-01T17:52:11Z logger.go:66:           "nodeSelectorTerms" = tolist(null) /* of object */
TestTerraformConfluentPlatformSinglenodeExample 2022-08-01T17:52:11Z logger.go:66:         }
TestTerraformConfluentPlatformSinglenodeExample 2022-08-01T17:52:11Z logger.go:66:       }
TestTerraformConfluentPlatformSinglenodeExample 2022-08-01T17:52:11Z logger.go:66:       "podAffinity" = {
TestTerraformConfluentPlatformSinglenodeExample 2022-08-01T17:52:11Z logger.go:66:         "preferredDuringSchedulingIgnoredDuringExecution" = tolist(null) /* of object */
TestTerraformConfluentPlatformSinglenodeExample 2022-08-01T17:52:11Z logger.go:66:         "requiredDuringSchedulingIgnoredDuringExecution" = tolist(null) /* of object */
TestTerraformConfluentPlatformSinglenodeExample 2022-08-01T17:52:11Z logger.go:66:       }
TestTerraformConfluentPlatformSinglenodeExample 2022-08-01T17:52:11Z logger.go:66:       "podAntiAffinity" = {
TestTerraformConfluentPlatformSinglenodeExample 2022-08-01T17:52:11Z logger.go:66:         "preferredDuringSchedulingIgnoredDuringExecution" = tolist(null) /* of object */
TestTerraformConfluentPlatformSinglenodeExample 2022-08-01T17:52:11Z logger.go:66:         "requiredDuringSchedulingIgnoredDuringExecution" = tolist(null) /* of object */
TestTerraformConfluentPlatformSinglenodeExample 2022-08-01T17:52:11Z logger.go:66:       }
TestTerraformConfluentPlatformSinglenodeExample 2022-08-01T17:52:11Z logger.go:66:     }
TestTerraformConfluentPlatformSinglenodeExample 2022-08-01T17:52:11Z logger.go:66:     "annotations" = tomap(null) /* of string */
TestTerraformConfluentPlatformSinglenodeExample 2022-08-01T17:52:11Z logger.go:66:     "envVars" = tolist(null) /* of object */
TestTerraformConfluentPlatformSinglenodeExample 2022-08-01T17:52:11Z logger.go:66:     "labels" = tomap(null) /* of string */
TestTerraformConfluentPlatformSinglenodeExample 2022-08-01T17:52:11Z logger.go:66:     "podSecurityContext" = {
TestTerraformConfluentPlatformSinglenodeExample 2022-08-01T17:52:11Z logger.go:66:       "fsGroup" = 1000
TestTerraformConfluentPlatformSinglenodeExample 2022-08-01T17:52:11Z logger.go:66:       "fsGroupChangePolicy" = tostring(null)
TestTerraformConfluentPlatformSinglenodeExample 2022-08-01T17:52:11Z logger.go:66:       "runAsGroup" = tonumber(null)
TestTerraformConfluentPlatformSinglenodeExample 2022-08-01T17:52:11Z logger.go:66:       "runAsNonRoot" = true
TestTerraformConfluentPlatformSinglenodeExample 2022-08-01T17:52:11Z logger.go:66:       "runAsUser" = 1000
TestTerraformConfluentPlatformSinglenodeExample 2022-08-01T17:52:11Z logger.go:66:       "seLinuxOptions" = {
TestTerraformConfluentPlatformSinglenodeExample 2022-08-01T17:52:11Z logger.go:66:         "level" = tostring(null)
TestTerraformConfluentPlatformSinglenodeExample 2022-08-01T17:52:11Z logger.go:66:         "role" = tostring(null)
TestTerraformConfluentPlatformSinglenodeExample 2022-08-01T17:52:11Z logger.go:66:         "type" = tostring(null)
TestTerraformConfluentPlatformSinglenodeExample 2022-08-01T17:52:11Z logger.go:66:         "user" = tostring(null)
TestTerraformConfluentPlatformSinglenodeExample 2022-08-01T17:52:11Z logger.go:66:       }
TestTerraformConfluentPlatformSinglenodeExample 2022-08-01T17:52:11Z logger.go:66:       "seccompProfile" = {
TestTerraformConfluentPlatformSinglenodeExample 2022-08-01T17:52:11Z logger.go:66:         "localhostProfile" = tostring(null)
TestTerraformConfluentPlatformSinglenodeExample 2022-08-01T17:52:11Z logger.go:66:         "type" = tostring(null)
TestTerraformConfluentPlatformSinglenodeExample 2022-08-01T17:52:11Z logger.go:66:       }
TestTerraformConfluentPlatformSinglenodeExample 2022-08-01T17:52:11Z logger.go:66:       "supplementalGroups" = tolist(null) /* of number */
TestTerraformConfluentPlatformSinglenodeExample 2022-08-01T17:52:11Z logger.go:66:       "sysctls" = tolist(null) /* of object */
TestTerraformConfluentPlatformSinglenodeExample 2022-08-01T17:52:11Z logger.go:66:       "windowsOptions" = {
TestTerraformConfluentPlatformSinglenodeExample 2022-08-01T17:52:11Z logger.go:66:         "gmsaCredentialSpec" = tostring(null)
TestTerraformConfluentPlatformSinglenodeExample 2022-08-01T17:52:11Z logger.go:66:         "gmsaCredentialSpecName" = tostring(null)
TestTerraformConfluentPlatformSinglenodeExample 2022-08-01T17:52:11Z logger.go:66:         "hostProcess" = tobool(null)
TestTerraformConfluentPlatformSinglenodeExample 2022-08-01T17:52:11Z logger.go:66:         "runAsUserName" = tostring(null)
TestTerraformConfluentPlatformSinglenodeExample 2022-08-01T17:52:11Z logger.go:66:       }
TestTerraformConfluentPlatformSinglenodeExample 2022-08-01T17:52:11Z logger.go:66:     }
TestTerraformConfluentPlatformSinglenodeExample 2022-08-01T17:52:11Z logger.go:66:     "priorityClassName" = tostring(null)
TestTerraformConfluentPlatformSinglenodeExample 2022-08-01T17:52:11Z logger.go:66:     "probe" = {
TestTerraformConfluentPlatformSinglenodeExample 2022-08-01T17:52:11Z logger.go:66:       "liveness" = {
TestTerraformConfluentPlatformSinglenodeExample 2022-08-01T17:52:11Z logger.go:66:         "failureThreshold" = tonumber(null)
TestTerraformConfluentPlatformSinglenodeExample 2022-08-01T17:52:11Z logger.go:66:         "initialDelaySeconds" = tonumber(null)
TestTerraformConfluentPlatformSinglenodeExample 2022-08-01T17:52:11Z logger.go:66:         "periodSeconds" = tonumber(null)
TestTerraformConfluentPlatformSinglenodeExample 2022-08-01T17:52:11Z logger.go:66:         "successThreshold" = tonumber(null)
TestTerraformConfluentPlatformSinglenodeExample 2022-08-01T17:52:11Z logger.go:66:         "timeoutSeconds" = tonumber(null)
TestTerraformConfluentPlatformSinglenodeExample 2022-08-01T17:52:11Z logger.go:66:       }
TestTerraformConfluentPlatformSinglenodeExample 2022-08-01T17:52:11Z logger.go:66:       "readiness" = {
TestTerraformConfluentPlatformSinglenodeExample 2022-08-01T17:52:11Z logger.go:66:         "failureThreshold" = tonumber(null)
TestTerraformConfluentPlatformSinglenodeExample 2022-08-01T17:52:11Z logger.go:66:         "initialDelaySeconds" = tonumber(null)
TestTerraformConfluentPlatformSinglenodeExample 2022-08-01T17:52:11Z logger.go:66:         "periodSeconds" = tonumber(null)
TestTerraformConfluentPlatformSinglenodeExample 2022-08-01T17:52:11Z logger.go:66:         "successThreshold" = tonumber(null)
TestTerraformConfluentPlatformSinglenodeExample 2022-08-01T17:52:11Z logger.go:66:         "timeoutSeconds" = tonumber(null)
TestTerraformConfluentPlatformSinglenodeExample 2022-08-01T17:52:11Z logger.go:66:       }
TestTerraformConfluentPlatformSinglenodeExample 2022-08-01T17:52:11Z logger.go:66:     }
TestTerraformConfluentPlatformSinglenodeExample 2022-08-01T17:52:11Z logger.go:66:     "resources" = {
TestTerraformConfluentPlatformSinglenodeExample 2022-08-01T17:52:11Z logger.go:66:       "limits" = tomap(null) /* of string */
TestTerraformConfluentPlatformSinglenodeExample 2022-08-01T17:52:11Z logger.go:66:       "requests" = tomap({
TestTerraformConfluentPlatformSinglenodeExample 2022-08-01T17:52:11Z logger.go:66:         "cpu" = "100m"
TestTerraformConfluentPlatformSinglenodeExample 2022-08-01T17:52:11Z logger.go:66:         "memory" = "256Mi"
TestTerraformConfluentPlatformSinglenodeExample 2022-08-01T17:52:11Z logger.go:66:       })
TestTerraformConfluentPlatformSinglenodeExample 2022-08-01T17:52:11Z logger.go:66:     }
TestTerraformConfluentPlatformSinglenodeExample 2022-08-01T17:52:11Z logger.go:66:     "securityContext" = {
TestTerraformConfluentPlatformSinglenodeExample 2022-08-01T17:52:11Z logger.go:66:       "allowPrivilegeEscalation" = tobool(null)
TestTerraformConfluentPlatformSinglenodeExample 2022-08-01T17:52:11Z logger.go:66:       "capabilities" = {
TestTerraformConfluentPlatformSinglenodeExample 2022-08-01T17:52:11Z logger.go:66:         "add" = tolist(null) /* of string */
TestTerraformConfluentPlatformSinglenodeExample 2022-08-01T17:52:11Z logger.go:66:         "drop" = tolist(null) /* of string */
TestTerraformConfluentPlatformSinglenodeExample 2022-08-01T17:52:11Z logger.go:66:       }
TestTerraformConfluentPlatformSinglenodeExample 2022-08-01T17:52:11Z logger.go:66:       "privileged" = tobool(null)
TestTerraformConfluentPlatformSinglenodeExample 2022-08-01T17:52:11Z logger.go:66:       "procMount" = tostring(null)
TestTerraformConfluentPlatformSinglenodeExample 2022-08-01T17:52:11Z logger.go:66:       "readOnlyRootFilesystem" = tobool(null)
TestTerraformConfluentPlatformSinglenodeExample 2022-08-01T17:52:11Z logger.go:66:       "runAsGroup" = tonumber(null)
TestTerraformConfluentPlatformSinglenodeExample 2022-08-01T17:52:11Z logger.go:66:       "runAsNonRoot" = tobool(null)
TestTerraformConfluentPlatformSinglenodeExample 2022-08-01T17:52:11Z logger.go:66:       "runAsUser" = tonumber(null)
TestTerraformConfluentPlatformSinglenodeExample 2022-08-01T17:52:11Z logger.go:66:       "seLinuxOptions" = {
TestTerraformConfluentPlatformSinglenodeExample 2022-08-01T17:52:11Z logger.go:66:         "level" = tostring(null)
TestTerraformConfluentPlatformSinglenodeExample 2022-08-01T17:52:11Z logger.go:66:         "role" = tostring(null)
TestTerraformConfluentPlatformSinglenodeExample 2022-08-01T17:52:11Z logger.go:66:         "type" = tostring(null)
TestTerraformConfluentPlatformSinglenodeExample 2022-08-01T17:52:11Z logger.go:66:         "user" = tostring(null)
TestTerraformConfluentPlatformSinglenodeExample 2022-08-01T17:52:11Z logger.go:66:       }
TestTerraformConfluentPlatformSinglenodeExample 2022-08-01T17:52:11Z logger.go:66:       "seccompProfile" = {
TestTerraformConfluentPlatformSinglenodeExample 2022-08-01T17:52:11Z logger.go:66:         "localhostProfile" = tostring(null)
TestTerraformConfluentPlatformSinglenodeExample 2022-08-01T17:52:11Z logger.go:66:         "type" = tostring(null)
TestTerraformConfluentPlatformSinglenodeExample 2022-08-01T17:52:11Z logger.go:66:       }
TestTerraformConfluentPlatformSinglenodeExample 2022-08-01T17:52:11Z logger.go:66:       "windowsOptions" = {
TestTerraformConfluentPlatformSinglenodeExample 2022-08-01T17:52:11Z logger.go:66:         "gmsaCredentialSpec" = tostring(null)
TestTerraformConfluentPlatformSinglenodeExample 2022-08-01T17:52:11Z logger.go:66:         "gmsaCredentialSpecName" = tostring(null)
TestTerraformConfluentPlatformSinglenodeExample 2022-08-01T17:52:11Z logger.go:66:         "hostProcess" = tobool(null)
TestTerraformConfluentPlatformSinglenodeExample 2022-08-01T17:52:11Z logger.go:66:         "runAsUserName" = tostring(null)
TestTerraformConfluentPlatformSinglenodeExample 2022-08-01T17:52:11Z logger.go:66:       }
TestTerraformConfluentPlatformSinglenodeExample 2022-08-01T17:52:11Z logger.go:66:     }
TestTerraformConfluentPlatformSinglenodeExample 2022-08-01T17:52:11Z logger.go:66:     "serviceAccountName" = tostring(null)
TestTerraformConfluentPlatformSinglenodeExample 2022-08-01T17:52:11Z logger.go:66:     "terminationGracePeriodSeconds" = tonumber(null)
TestTerraformConfluentPlatformSinglenodeExample 2022-08-01T17:52:11Z logger.go:66:     "tolerations" = tolist(null) /* of object */
TestTerraformConfluentPlatformSinglenodeExample 2022-08-01T17:52:11Z logger.go:66:     "topologySpreadConstraints" = tolist(null) /* of object */
TestTerraformConfluentPlatformSinglenodeExample 2022-08-01T17:52:11Z logger.go:66:   }
TestTerraformConfluentPlatformSinglenodeExample 2022-08-01T17:52:11Z logger.go:66:   "replicas" = 1
TestTerraformConfluentPlatformSinglenodeExample 2022-08-01T17:52:11Z logger.go:66:   "storageClass" = {
TestTerraformConfluentPlatformSinglenodeExample 2022-08-01T17:52:11Z logger.go:66:     "name" = tostring(null)
TestTerraformConfluentPlatformSinglenodeExample 2022-08-01T17:52:11Z logger.go:66:   }
TestTerraformConfluentPlatformSinglenodeExample 2022-08-01T17:52:11Z logger.go:66:   "tls" = {
TestTerraformConfluentPlatformSinglenodeExample 2022-08-01T17:52:11Z logger.go:66:     "autoGeneratedCerts" = tobool(null)
TestTerraformConfluentPlatformSinglenodeExample 2022-08-01T17:52:11Z logger.go:66:     "directoryPathInContainer" = tostring(null)
TestTerraformConfluentPlatformSinglenodeExample 2022-08-01T17:52:11Z logger.go:66:     "ignoreTrustStoreConfig" = tobool(null)
TestTerraformConfluentPlatformSinglenodeExample 2022-08-01T17:52:11Z logger.go:66:     "jksPassword" = {
TestTerraformConfluentPlatformSinglenodeExample 2022-08-01T17:52:11Z logger.go:66:       "secretRef" = tostring(null)
TestTerraformConfluentPlatformSinglenodeExample 2022-08-01T17:52:11Z logger.go:66:     }
TestTerraformConfluentPlatformSinglenodeExample 2022-08-01T17:52:11Z logger.go:66:     "secretRef" = tostring(null)
TestTerraformConfluentPlatformSinglenodeExample 2022-08-01T17:52:11Z logger.go:66:   }
TestTerraformConfluentPlatformSinglenodeExample 2022-08-01T17:52:11Z logger.go:66: }
TestTerraformConfluentPlatformSinglenodeExample 2022-08-01T17:52:11Z retry.go:91: terraform [output -no-color -json zookeeper]
TestTerraformConfluentPlatformSinglenodeExample 2022-08-01T17:52:11Z logger.go:66: Running command terraform with args [output -no-color -json zookeeper]
TestTerraformConfluentPlatformSinglenodeExample 2022-08-01T17:52:13Z logger.go:66: {"authentication":{"jaasConfig":{"secretRef":null},"jaasConfigPassThrough":{"directoryPathInContainer":null,"secretRef":null},"principalMappingRules":null,"type":null},"configOverrides":{"jvm":null,"log4j":null,"peers":null,"server":null},"dataVolumeCapacity":"10Gi","headlessService":{"annotations":null,"labels":null,"publishNotReadyAddresses":null},"image":{"application":"confluentinc/cp-zookeeper:7.2.0","init":"confluentinc/confluent-init-container:2.4.0","pullPolicy":null,"pullSecretRef":null},"injectAnnotations":null,"injectLabels":null,"k8sClusterDomain":null,"license":{"directoryPathInContainer":null,"globalLicense":null,"secretRef":null},"logVolumeCapacity":"10Gi","metrics":{"authentication":{"type":null},"prometheus":{"blacklist":null,"rules":null,"whitelist":null},"tls":{"directoryPathInContainer":null,"enabled":null,"ignoreTrustStoreConfig":null,"jksPassword":{"secretRef":null},"secretRef":null}},"mountedSecrets":null,"mountedVolumes":{"volumeMounts":null,"volumes":null},"oneReplicaPerNode":null,"podTemplate":{"affinity":{"nodeAffinity":{"preferredDuringSchedulingIgnoredDuringExecution":null,"requiredDuringSchedulingIgnoredDuringExecution":{"nodeSelectorTerms":null}},"podAffinity":{"preferredDuringSchedulingIgnoredDuringExecution":null,"requiredDuringSchedulingIgnoredDuringExecution":null},"podAntiAffinity":{"preferredDuringSchedulingIgnoredDuringExecution":null,"requiredDuringSchedulingIgnoredDuringExecution":null}},"annotations":null,"envVars":null,"labels":null,"podSecurityContext":{"fsGroup":1000,"fsGroupChangePolicy":null,"runAsGroup":null,"runAsNonRoot":true,"runAsUser":1000,"seLinuxOptions":{"level":null,"role":null,"type":null,"user":null},"seccompProfile":{"localhostProfile":null,"type":null},"supplementalGroups":null,"sysctls":null,"windowsOptions":{"gmsaCredentialSpec":null,"gmsaCredentialSpecName":null,"hostProcess":null,"runAsUserName":null}},"priorityClassName":null,"probe":{"liveness":{"failureThreshold":null,"initialDelaySeconds":null,"periodSeconds":null,"successThreshold":null,"timeoutSeconds":null},"readiness":{"failureThreshold":null,"initialDelaySeconds":null,"periodSeconds":null,"successThreshold":null,"timeoutSeconds":null}},"resources":{"limits":null,"requests":{"cpu":"100m","memory":"256Mi"}},"securityContext":{"allowPrivilegeEscalation":null,"capabilities":{"add":null,"drop":null},"privileged":null,"procMount":null,"readOnlyRootFilesystem":null,"runAsGroup":null,"runAsNonRoot":null,"runAsUser":null,"seLinuxOptions":{"level":null,"role":null,"type":null,"user":null},"seccompProfile":{"localhostProfile":null,"type":null},"windowsOptions":{"gmsaCredentialSpec":null,"gmsaCredentialSpecName":null,"hostProcess":null,"runAsUserName":null}},"serviceAccountName":null,"terminationGracePeriodSeconds":null,"tolerations":null,"topologySpreadConstraints":null},"replicas":1,"storageClass":{"name":null},"tls":{"autoGeneratedCerts":null,"directoryPathInContainer":null,"ignoreTrustStoreConfig":null,"jksPassword":{"secretRef":null},"secretRef":null}}
TestTerraformConfluentPlatformSinglenodeExample 2022-08-01T17:52:13Z retry.go:91: terraform [output -no-color -json kafka]
TestTerraformConfluentPlatformSinglenodeExample 2022-08-01T17:52:13Z logger.go:66: Running command terraform with args [output -no-color -json kafka]
TestTerraformConfluentPlatformSinglenodeExample 2022-08-01T17:52:13Z logger.go:66: {"authorization":{"superUsers":null,"type":null},"configOverrides":{"jvm":null,"log4j":null,"server":["confluent.license.topic.replication.factor=1","confluent.metrics.reporter.topic.replicas=1","confluent.tier.metadata.replication.factor=1","confluent.metadata.topic.replication.factor=1","confluent.balancer.topic.replication.factor=1","confluent.security.event.logger.exporter.kafka.topic.replicas=1","event.logger.exporter.kafka.topic.replicas=1","offsets.topic.replication.factor=1","confluent.cluster.link.enable=true","password.encoder.secret=secret"]},"dataVolumeCapacity":"10Gi","dependencies":{"kafkaRest":{"authentication":{"bearer":{"directoryPathInContainer":null,"secretRef":null},"jaasConfig":{"secretRef":null},"jaasConfigPassThrough":{"directoryPathInContainer":null,"secretRef":null},"oauthbearer":{"directoryPathInContainer":null,"secretRef":null},"type":null},"bootstrapEndpoint":null,"endpoint":null,"tls":{"directoryPathInContainer":null,"enabled":null,"ignoreTrustStoreConfig":null,"jksPassword":{"secretRef":null},"secretRef":null}},"mds":{"endpoint":null,"kafka":{"authentication":{"jaasConfig":{"secretRef":null},"jaasConfigPassThrough":{"directoryPathInContainer":null,"secretRef":null},"oauthbearer":{"directoryPathInContainer":null,"secretRef":null},"type":null},"bootstrapEndpoint":null,"discovery":{"name":null,"namespace":null,"secretRef":null},"tls":{"directoryPathInContainer":null,"enabled":null,"ignoreTrustStoreConfig":null,"jksPassword":{"secretRef":null},"secretRef":null}},"tls":{"directoryPathInContainer":null,"enabled":null,"ignoreTrustStoreConfig":null,"jksPassword":{"secretRef":null},"secretRef":null},"tokenKeyPair":{"directoryPathInContainer":null,"secretRef":null}},"schemaRegistry":{"authentication":{"basic":{"debug":null,"directoryPathInContainer":null,"restrictedRoles":null,"roles":null,"secretRef":null},"type":null},"tls":{"directoryPathInContainer":null,"enabled":null,"ignoreTrustStoreConfig":null,"jksPassword":{"secretRef":null},"secretRef":null},"url":null},"zookeeper":{"authentication":{"jaasConfig":{"secretRef":null},"jaasConfigPassThrough":{"directoryPathInContainer":null,"secretRef":null},"oauthbearer":{"directoryPathInContainer":null,"secretRef":null},"type":null},"discovery":{"name":null,"namespace":null,"secretRef":null},"endpoint":null,"tls":{"directoryPathInContainer":null,"enabled":null,"ignoreTrustStoreConfig":null,"jksPassword":{"secretRef":null},"secretRef":null}}},"headlessService":{"annotations":null,"labels":null,"publishNotReadyAddresses":null},"identityProvider":{"ldap":{"address":null,"authentication":{"simple":{"directoryPathInContainer":null,"secretRef":null},"type":null},"configurations":{"groupMemberAttribute":null,"groupMemberAttributePattern":null,"groupNameAttribute":null,"groupObjectClass":null,"groupSearchBase":null,"groupSearchFilter":null,"groupSearchScope":null,"userMemberOfAttributePattern":null,"userNameAttribute":null,"userObjectClass":null,"userSearchBase":null,"userSearchFilter":null,"userSearchScope":null},"tls":{"directoryPathInContainer":null,"enabled":null,"ignoreTrustStoreConfig":null,"jksPassword":{"secretRef":null},"secretRef":null}},"type":null},"image":{"application":"confluentinc/cp-server:7.2.0","init":"confluentinc/confluent-init-container:2.4.0","pullPolicy":null,"pullSecretRef":null},"injectAnnotations":null,"injectLabels":null,"k8sClusterDomain":null,"license":{"directoryPathInContainer":null,"globalLicense":null,"secretRef":null},"listeners":{"custom":null,"external":{"authentication":{"jaasConfig":{"secretRef":null},"jaasConfigPassThrough":{"directoryPathInContainer":null,"secretRef":null},"principalMappingRules":null,"type":null},"externalAccess":{"loadBalancer":{"advertisedPort":null,"annotations":null,"bootstrapPrefix":null,"brokerPrefix":null,"domain":null,"externalTrafficPolicy":null,"labels":null,"loadBalancerSourceRanges":null,"servicePorts":null,"sessionAffinity":null,"sessionAffinityConfig":{"clientIP":{"timeoutSeconds":null}}},"nodePort":{"advertisedURL":{"enabled":null,"prefix":null},"annotations":null,"externalTrafficPolicy":null,"host":null,"labels":null,"nodePortOffset":null,"servicePorts":null,"sessionAffinity":null,"sessionAffinityConfig":{"clientIP":{"timeoutSeconds":null}}},"route":{"annotations":null,"bootstrapPrefix":null,"brokerPrefix":null,"domain":null,"labels":null,"wildcardPolicy":null},"staticForHostBasedRouting":{"brokerPrefix":null,"domain":null,"port":null},"staticForPortBasedRouting":{"host":null,"portOffset":null},"type":null},"tls":{"directoryPathInContainer":null,"enabled":null,"ignoreTrustStoreConfig":null,"jksPassword":{"secretRef":null},"secretRef":null}},"internal":{"authentication":{"jaasConfig":{"secretRef":null},"jaasConfigPassThrough":{"directoryPathInContainer":null,"secretRef":null},"principalMappingRules":null,"type":null},"tls":{"directoryPathInContainer":null,"enabled":null,"ignoreTrustStoreConfig":null,"jksPassword":{"secretRef":null},"secretRef":null}}},"metricReporter":{"authentication":{"jaasConfig":{"secretRef":null},"jaasConfigPassThrough":{"directoryPathInContainer":null,"secretRef":null},"oauthbearer":{"directoryPathInContainer":null,"secretRef":null},"type":null},"bootstrapEndpoint":null,"enabled":true,"replicationFactor":null,"tls":{"directoryPathInContainer":null,"enabled":null,"ignoreTrustStoreConfig":null,"jksPassword":{"secretRef":null},"secretRef":null}},"metrics":{"authentication":{"type":null},"prometheus":{"blacklist":null,"rules":null,"whitelist":null},"tls":{"directoryPathInContainer":null,"enabled":null,"ignoreTrustStoreConfig":null,"jksPassword":{"secretRef":null},"secretRef":null}},"mountedSecrets":null,"mountedVolumes":{"volumeMounts":null,"volumes":null},"oneReplicaPerNode":null,"passwordEncoder":{"directoryPathInContainer":null,"secretRef":null},"podTemplate":{"affinity":{"nodeAffinity":{"preferredDuringSchedulingIgnoredDuringExecution":null,"requiredDuringSchedulingIgnoredDuringExecution":{"nodeSelectorTerms":null}},"podAffinity":{"preferredDuringSchedulingIgnoredDuringExecution":null,"requiredDuringSchedulingIgnoredDuringExecution":null},"podAntiAffinity":{"preferredDuringSchedulingIgnoredDuringExecution":null,"requiredDuringSchedulingIgnoredDuringExecution":null}},"annotations":null,"envVars":null,"labels":null,"podSecurityContext":{"fsGroup":1000,"fsGroupChangePolicy":null,"runAsGroup":null,"runAsNonRoot":true,"runAsUser":1000,"seLinuxOptions":{"level":null,"role":null,"type":null,"user":null},"seccompProfile":{"localhostProfile":null,"type":null},"supplementalGroups":null,"sysctls":null,"windowsOptions":{"gmsaCredentialSpec":null,"gmsaCredentialSpecName":null,"hostProcess":null,"runAsUserName":null}},"priorityClassName":null,"probe":{"liveness":{"failureThreshold":null,"initialDelaySeconds":null,"periodSeconds":null,"successThreshold":null,"timeoutSeconds":null},"readiness":{"failureThreshold":null,"initialDelaySeconds":null,"periodSeconds":null,"successThreshold":null,"timeoutSeconds":null}},"resources":{"limits":null,"requests":{"cpu":"200m","memory":"512Mi"}},"securityContext":{"allowPrivilegeEscalation":null,"capabilities":{"add":null,"drop":null},"privileged":null,"procMount":null,"readOnlyRootFilesystem":null,"runAsGroup":null,"runAsNonRoot":null,"runAsUser":null,"seLinuxOptions":{"level":null,"role":null,"type":null,"user":null},"seccompProfile":{"localhostProfile":null,"type":null},"windowsOptions":{"gmsaCredentialSpec":null,"gmsaCredentialSpecName":null,"hostProcess":null,"runAsUserName":null}},"serviceAccountName":null,"terminationGracePeriodSeconds":null,"tolerations":null,"topologySpreadConstraints":null},"rackAssignment":{"availabilityZoneCount":null,"nodeLabels":null},"replicas":1,"services":{"kafkaRest":{"authentication":{"basic":{"debug":null,"directoryPathInContainer":null,"restrictedRoles":null,"roles":null,"secretRef":null},"type":null},"externalAccess":{"loadBalancer":{"advertisedURL":{"enabled":null,"prefix":null},"annotations":null,"domain":null,"externalTrafficPolicy":null,"labels":null,"loadBalancerSourceRanges":null,"port":null,"prefix":null,"servicePorts":null,"sessionAffinity":null,"sessionAffinityConfig":{"clientIP":{"timeoutSeconds":null}}},"nodePort":{"advertisedURL":{"enabled":null,"prefix":null},"annotations":null,"externalTrafficPolicy":null,"host":null,"labels":null,"nodePortOffset":null,"servicePorts":null,"sessionAffinity":null,"sessionAffinityConfig":{"clientIP":{"timeoutSeconds":null}}},"route":{"annotations":null,"domain":null,"labels":null,"prefix":null,"wildcardPolicy":null},"type":null},"tls":{"directoryPathInContainer":null,"enabled":null,"ignoreTrustStoreConfig":null,"jksPassword":{"secretRef":null},"secretRef":null}},"mds":{"authentication":{"type":null},"externalAccess":{"loadBalancer":{"advertisedURL":{"enabled":null,"prefix":null},"annotations":null,"domain":null,"externalTrafficPolicy":null,"labels":null,"loadBalancerSourceRanges":null,"port":null,"prefix":null,"servicePorts":null,"sessionAffinity":null,"sessionAffinityConfig":{"clientIP":{"timeoutSeconds":null}}},"nodePort":{"advertisedURL":{"enabled":null,"prefix":null},"annotations":null,"externalTrafficPolicy":null,"host":null,"labels":null,"nodePortOffset":null,"servicePorts":null,"sessionAffinity":null,"sessionAffinityConfig":{"clientIP":{"timeoutSeconds":null}}},"route":{"annotations":null,"domain":null,"labels":null,"prefix":null,"wildcardPolicy":null},"type":null},"provider":{"ldap":{"address":null,"authentication":{"simple":{"directoryPathInContainer":null,"secretRef":null},"type":null},"configurations":{"groupMemberAttribute":null,"groupMemberAttributePattern":null,"groupNameAttribute":null,"groupObjectClass":null,"groupSearchBase":null,"groupSearchFilter":null,"groupSearchScope":null,"userMemberOfAttributePattern":null,"userNameAttribute":null,"userObjectClass":null,"userSearchBase":null,"userSearchFilter":null,"userSearchScope":null},"tls":{"directoryPathInContainer":null,"enabled":null,"ignoreTrustStoreConfig":null,"jksPassword":{"secretRef":null},"secretRef":null}},"type":null},"tls":{"directoryPathInContainer":null,"enabled":null,"ignoreTrustStoreConfig":null,"jksPassword":{"secretRef":null},"secretRef":null},"tokenKeyPair":{"directoryPathInContainer":null,"secretRef":null}}},"storageClass":{"name":null},"telemetry":{"global":null},"tls":{"autoGeneratedCerts":null,"directoryPathInContainer":null,"ignoreTrustStoreConfig":null,"jksPassword":{"secretRef":null},"secretRef":null}}
TestTerraformConfluentPlatformSinglenodeExample 2022-08-01T17:52:13Z retry.go:91: terraform [output -no-color -json connect]
TestTerraformConfluentPlatformSinglenodeExample 2022-08-01T17:52:13Z logger.go:66: Running command terraform with args [output -no-color -json connect]
TestTerraformConfluentPlatformSinglenodeExample 2022-08-01T17:52:14Z logger.go:66: {"authentication":{"basic":{"debug":null,"directoryPathInContainer":null,"restrictedRoles":null,"roles":null,"secretRef":null},"type":null},"authorization":{"kafkaRestClassRef":{"name":null,"namespace":null},"type":null},"build":{"onDemand":{"plugins":{"confluentHub":null,"locationType":null,"url":null},"storageLimit":null},"type":null},"configOverrides":{"jvm":null,"log4j":null,"server":["config.storage.replication.factor=1","offset.storage.replication.factor=1","status.storage.replication.factor=1"]},"connectorOverridePolicy":null,"connectorTLSCerts":null,"dependencies":{"admin":{"authentication":{"jaasConfig":{"secretRef":null},"jaasConfigPassThrough":{"directoryPathInContainer":null,"secretRef":null},"oauthbearer":{"directoryPathInContainer":null,"secretRef":null},"type":null},"bootstrapEndpoint":null,"discovery":{"name":null,"namespace":null,"secretRef":null},"tls":{"directoryPathInContainer":null,"enabled":null,"ignoreTrustStoreConfig":null,"jksPassword":{"secretRef":null},"secretRef":null}},"consumer":{"authentication":{"jaasConfig":{"secretRef":null},"jaasConfigPassThrough":{"directoryPathInContainer":null,"secretRef":null},"oauthbearer":{"directoryPathInContainer":null,"secretRef":null},"type":null},"bootstrapEndpoint":null,"discovery":{"name":null,"namespace":null,"secretRef":null},"tls":{"directoryPathInContainer":null,"enabled":null,"ignoreTrustStoreConfig":null,"jksPassword":{"secretRef":null},"secretRef":null}},"interceptor":{"configs":null,"consumer":{"authentication":{"jaasConfig":{"secretRef":null},"jaasConfigPassThrough":{"directoryPathInContainer":null,"secretRef":null},"oauthbearer":{"directoryPathInContainer":null,"secretRef":null},"type":null},"bootstrapEndpoint":null,"discovery":{"name":null,"namespace":null,"secretRef":null},"tls":{"directoryPathInContainer":null,"enabled":null,"ignoreTrustStoreConfig":null,"jksPassword":{"secretRef":null},"secretRef":null}},"enabled":null,"producer":{"authentication":{"jaasConfig":{"secretRef":null},"jaasConfigPassThrough":{"directoryPathInContainer":null,"secretRef":null},"oauthbearer":{"directoryPathInContainer":null,"secretRef":null},"type":null},"bootstrapEndpoint":null,"discovery":{"name":null,"namespace":null,"secretRef":null},"tls":{"directoryPathInContainer":null,"enabled":null,"ignoreTrustStoreConfig":null,"jksPassword":{"secretRef":null},"secretRef":null}},"publishMs":null},"kafka":{"authentication":{"jaasConfig":{"secretRef":null},"jaasConfigPassThrough":{"directoryPathInContainer":null,"secretRef":null},"oauthbearer":{"directoryPathInContainer":null,"secretRef":null},"type":null},"bootstrapEndpoint":"kafka:9071","discovery":{"name":null,"namespace":null,"secretRef":null},"tls":{"directoryPathInContainer":null,"enabled":null,"ignoreTrustStoreConfig":null,"jksPassword":{"secretRef":null},"secretRef":null}},"mds":{"authentication":{"bearer":{"directoryPathInContainer":null,"secretRef":null},"type":null},"endpoint":null,"tls":{"directoryPathInContainer":null,"enabled":null,"ignoreTrustStoreConfig":null,"jksPassword":{"secretRef":null},"secretRef":null},"tokenKeyPair":{"directoryPathInContainer":null,"secretRef":null}},"producer":{"authentication":{"jaasConfig":{"secretRef":null},"jaasConfigPassThrough":{"directoryPathInContainer":null,"secretRef":null},"oauthbearer":{"directoryPathInContainer":null,"secretRef":null},"type":null},"bootstrapEndpoint":null,"discovery":{"name":null,"namespace":null,"secretRef":null},"tls":{"directoryPathInContainer":null,"enabled":null,"ignoreTrustStoreConfig":null,"jksPassword":{"secretRef":null},"secretRef":null}},"schemaRegistry":{"authentication":{"basic":{"debug":null,"directoryPathInContainer":null,"restrictedRoles":null,"roles":null,"secretRef":null},"type":null},"tls":{"directoryPathInContainer":null,"enabled":null,"ignoreTrustStoreConfig":null,"jksPassword":{"secretRef":null},"secretRef":null},"url":null}},"enableSchemas":null,"externalAccess":{"loadBalancer":{"advertisedURL":{"enabled":null,"prefix":null},"annotations":null,"domain":null,"externalTrafficPolicy":null,"labels":null,"loadBalancerSourceRanges":null,"port":null,"prefix":null,"servicePorts":null,"sessionAffinity":null,"sessionAffinityConfig":{"clientIP":{"timeoutSeconds":null}}},"nodePort":{"advertisedURL":{"enabled":null,"prefix":null},"annotations":null,"externalTrafficPolicy":null,"host":null,"labels":null,"nodePortOffset":null,"servicePorts":null,"sessionAffinity":null,"sessionAffinityConfig":{"clientIP":{"timeoutSeconds":null}}},"route":{"annotations":null,"domain":null,"labels":null,"prefix":null,"wildcardPolicy":null},"type":null},"headlessService":{"annotations":null,"labels":null,"publishNotReadyAddresses":null},"image":{"application":"confluentinc/cp-server-connect:7.2.0","init":"confluentinc/confluent-init-container:2.4.0","pullPolicy":null,"pullSecretRef":null},"injectAnnotations":null,"injectLabels":null,"internalTopicReplicationFactor":null,"k8sClusterDomain":null,"keyConverterType":null,"license":{"directoryPathInContainer":null,"globalLicense":null,"secretRef":null},"metrics":{"authentication":{"type":null},"prometheus":{"blacklist":null,"rules":null,"whitelist":null},"tls":{"directoryPathInContainer":null,"enabled":null,"ignoreTrustStoreConfig":null,"jksPassword":{"secretRef":null},"secretRef":null}},"mountedSecrets":null,"mountedVolumes":{"volumeMounts":null,"volumes":null},"oneReplicaPerNode":null,"podTemplate":{"affinity":{"nodeAffinity":{"preferredDuringSchedulingIgnoredDuringExecution":null,"requiredDuringSchedulingIgnoredDuringExecution":{"nodeSelectorTerms":null}},"podAffinity":{"preferredDuringSchedulingIgnoredDuringExecution":null,"requiredDuringSchedulingIgnoredDuringExecution":null},"podAntiAffinity":{"preferredDuringSchedulingIgnoredDuringExecution":null,"requiredDuringSchedulingIgnoredDuringExecution":null}},"annotations":null,"envVars":null,"labels":null,"podSecurityContext":{"fsGroup":1000,"fsGroupChangePolicy":null,"runAsGroup":null,"runAsNonRoot":true,"runAsUser":1000,"seLinuxOptions":{"level":null,"role":null,"type":null,"user":null},"seccompProfile":{"localhostProfile":null,"type":null},"supplementalGroups":null,"sysctls":null,"windowsOptions":{"gmsaCredentialSpec":null,"gmsaCredentialSpecName":null,"hostProcess":null,"runAsUserName":null}},"priorityClassName":null,"probe":{"liveness":{"failureThreshold":5,"initialDelaySeconds":null,"periodSeconds":10,"successThreshold":null,"timeoutSeconds":500},"readiness":{"failureThreshold":null,"initialDelaySeconds":null,"periodSeconds":null,"successThreshold":null,"timeoutSeconds":null}},"resources":{"limits":null,"requests":{"cpu":"100m","memory":"256Mi"}},"securityContext":{"allowPrivilegeEscalation":null,"capabilities":{"add":null,"drop":null},"privileged":null,"procMount":null,"readOnlyRootFilesystem":null,"runAsGroup":null,"runAsNonRoot":null,"runAsUser":null,"seLinuxOptions":{"level":null,"role":null,"type":null,"user":null},"seccompProfile":{"localhostProfile":null,"type":null},"windowsOptions":{"gmsaCredentialSpec":null,"gmsaCredentialSpecName":null,"hostProcess":null,"runAsUserName":null}},"serviceAccountName":null,"terminationGracePeriodSeconds":null,"tolerations":null,"topologySpreadConstraints":null},"replicas":1,"telemetry":{"global":null},"tls":{"autoGeneratedCerts":null,"directoryPathInContainer":null,"ignoreTrustStoreConfig":null,"jksPassword":{"secretRef":null},"secretRef":null},"valueConverterType":null}
TestTerraformConfluentPlatformSinglenodeExample 2022-08-01T17:52:14Z retry.go:91: terraform [output -no-color -json ksqldb]
TestTerraformConfluentPlatformSinglenodeExample 2022-08-01T17:52:14Z logger.go:66: Running command terraform with args [output -no-color -json ksqldb]
TestTerraformConfluentPlatformSinglenodeExample 2022-08-01T17:52:16Z logger.go:66: {"authentication":{"basic":{"debug":null,"directoryPathInContainer":null,"restrictedRoles":null,"roles":null,"secretRef":null},"type":null},"authorization":{"kafkaRestClassRef":{"name":null,"namespace":null},"type":null},"configOverrides":{"jvm":null,"log4j":null,"server":null},"dataVolumeCapacity":"10Gi","dependencies":{"interceptor":{"configs":null,"consumer":{"authentication":{"jaasConfig":{"secretRef":null},"jaasConfigPassThrough":{"directoryPathInContainer":null,"secretRef":null},"oauthbearer":{"directoryPathInContainer":null,"secretRef":null},"type":null},"bootstrapEndpoint":null,"discovery":{"name":null,"namespace":null,"secretRef":null},"tls":{"directoryPathInContainer":null,"enabled":null,"ignoreTrustStoreConfig":null,"jksPassword":{"secretRef":null},"secretRef":null}},"enabled":null,"producer":{"authentication":{"jaasConfig":{"secretRef":null},"jaasConfigPassThrough":{"directoryPathInContainer":null,"secretRef":null},"oauthbearer":{"directoryPathInContainer":null,"secretRef":null},"type":null},"bootstrapEndpoint":null,"discovery":{"name":null,"namespace":null,"secretRef":null},"tls":{"directoryPathInContainer":null,"enabled":null,"ignoreTrustStoreConfig":null,"jksPassword":{"secretRef":null},"secretRef":null}},"publishMs":null},"kafka":{"authentication":{"jaasConfig":{"secretRef":null},"jaasConfigPassThrough":{"directoryPathInContainer":null,"secretRef":null},"oauthbearer":{"directoryPathInContainer":null,"secretRef":null},"type":null},"bootstrapEndpoint":null,"discovery":{"name":null,"namespace":null,"secretRef":null},"tls":{"directoryPathInContainer":null,"enabled":null,"ignoreTrustStoreConfig":null,"jksPassword":{"secretRef":null},"secretRef":null}},"mds":{"authentication":{"bearer":{"directoryPathInContainer":null,"secretRef":null},"type":null},"endpoint":null,"tls":{"directoryPathInContainer":null,"enabled":null,"ignoreTrustStoreConfig":null,"jksPassword":{"secretRef":null},"secretRef":null},"tokenKeyPair":{"directoryPathInContainer":null,"secretRef":null}},"schemaRegistry":{"authentication":{"basic":{"debug":null,"directoryPathInContainer":null,"restrictedRoles":null,"roles":null,"secretRef":null},"type":null},"tls":{"directoryPathInContainer":null,"enabled":null,"ignoreTrustStoreConfig":null,"jksPassword":{"secretRef":null},"secretRef":null},"url":"http://schemaregistry.confluent.svc.cluster.local:8081"}},"externalAccess":{"loadBalancer":{"advertisedURL":{"enabled":null,"prefix":null},"annotations":null,"domain":null,"externalTrafficPolicy":null,"labels":null,"loadBalancerSourceRanges":null,"port":null,"prefix":null,"servicePorts":null,"sessionAffinity":null,"sessionAffinityConfig":{"clientIP":{"timeoutSeconds":null}}},"nodePort":{"advertisedURL":{"enabled":null,"prefix":null},"annotations":null,"externalTrafficPolicy":null,"host":null,"labels":null,"nodePortOffset":null,"servicePorts":null,"sessionAffinity":null,"sessionAffinityConfig":{"clientIP":{"timeoutSeconds":null}}},"route":{"annotations":null,"domain":null,"labels":null,"prefix":null,"wildcardPolicy":null},"type":null},"headlessService":{"annotations":null,"labels":null,"publishNotReadyAddresses":null},"image":{"application":"confluentinc/cp-ksqldb-server:7.2.0","init":"confluentinc/confluent-init-container:2.4.0","pullPolicy":null,"pullSecretRef":null},"injectAnnotations":null,"injectLabels":null,"internalTopicReplicationFactor":1,"k8sClusterDomain":null,"license":{"directoryPathInContainer":null,"globalLicense":null,"secretRef":null},"metrics":{"authentication":{"type":null},"prometheus":{"blacklist":null,"rules":null,"whitelist":null},"tls":{"directoryPathInContainer":null,"enabled":null,"ignoreTrustStoreConfig":null,"jksPassword":{"secretRef":null},"secretRef":null}},"mountedSecrets":null,"mountedVolumes":{"volumeMounts":null,"volumes":null},"oneReplicaPerNode":null,"podTemplate":{"affinity":{"nodeAffinity":{"preferredDuringSchedulingIgnoredDuringExecution":null,"requiredDuringSchedulingIgnoredDuringExecution":{"nodeSelectorTerms":null}},"podAffinity":{"preferredDuringSchedulingIgnoredDuringExecution":null,"requiredDuringSchedulingIgnoredDuringExecution":null},"podAntiAffinity":{"preferredDuringSchedulingIgnoredDuringExecution":null,"requiredDuringSchedulingIgnoredDuringExecution":null}},"annotations":null,"envVars":null,"labels":null,"podSecurityContext":{"fsGroup":1000,"fsGroupChangePolicy":null,"runAsGroup":null,"runAsNonRoot":true,"runAsUser":1000,"seLinuxOptions":{"level":null,"role":null,"type":null,"user":null},"seccompProfile":{"localhostProfile":null,"type":null},"supplementalGroups":null,"sysctls":null,"windowsOptions":{"gmsaCredentialSpec":null,"gmsaCredentialSpecName":null,"hostProcess":null,"runAsUserName":null}},"priorityClassName":null,"probe":{"liveness":{"failureThreshold":5,"initialDelaySeconds":null,"periodSeconds":10,"successThreshold":null,"timeoutSeconds":500},"readiness":{"failureThreshold":null,"initialDelaySeconds":null,"periodSeconds":null,"successThreshold":null,"timeoutSeconds":null}},"resources":{"limits":null,"requests":{"cpu":"100m","memory":"256Mi"}},"securityContext":{"allowPrivilegeEscalation":null,"capabilities":{"add":null,"drop":null},"privileged":null,"procMount":null,"readOnlyRootFilesystem":null,"runAsGroup":null,"runAsNonRoot":null,"runAsUser":null,"seLinuxOptions":{"level":null,"role":null,"type":null,"user":null},"seccompProfile":{"localhostProfile":null,"type":null},"windowsOptions":{"gmsaCredentialSpec":null,"gmsaCredentialSpecName":null,"hostProcess":null,"runAsUserName":null}},"serviceAccountName":null,"terminationGracePeriodSeconds":null,"tolerations":null,"topologySpreadConstraints":null},"replicas":1,"storageClass":{"name":null},"telemetry":{"global":null},"tls":{"autoGeneratedCerts":null,"directoryPathInContainer":null,"ignoreTrustStoreConfig":null,"jksPassword":{"secretRef":null},"secretRef":null}}
TestTerraformConfluentPlatformSinglenodeExample 2022-08-01T17:52:16Z retry.go:91: terraform [output -no-color -json controlcenter]
TestTerraformConfluentPlatformSinglenodeExample 2022-08-01T17:52:16Z logger.go:66: Running command terraform with args [output -no-color -json controlcenter]
TestTerraformConfluentPlatformSinglenodeExample 2022-08-01T17:52:17Z logger.go:66: {"authentication":{"basic":{"debug":null,"directoryPathInContainer":null,"restrictedRoles":null,"roles":null,"secretRef":null},"ldap":{"debug":null,"property":null,"restrictedRoles":null,"roles":null,"secretRef":null},"type":null},"authorization":{"kafkaRestClassRef":{"name":null,"namespace":null},"type":null},"configOverrides":{"jvm":null,"log4j":null,"server":["confluent.controlcenter.command.topic.replication=1","confluent.controlcenter.replication.factor=1","confluent.metrics.reporter.topic.replicas=1","confluent.metrics.topic.replication=1","confluent.monitoring.interceptor.topic.replication=1","confluent.controlcenter.internal.topics.replication=1"]},"dataVolumeCapacity":"10Gi","dependencies":{"connect":[{"authentication":{"basic":{"debug":null,"directoryPathInContainer":null,"restrictedRoles":null,"roles":null,"secretRef":null},"type":null},"name":"connect-dev","tls":{"directoryPathInContainer":null,"enabled":null,"ignoreTrustStoreConfig":null,"jksPassword":{"secretRef":null},"secretRef":null},"url":"http://connect.confluent.svc.cluster.local:8083"}],"kafka":{"authentication":{"jaasConfig":{"secretRef":null},"jaasConfigPassThrough":{"directoryPathInContainer":null,"secretRef":null},"oauthbearer":{"directoryPathInContainer":null,"secretRef":null},"type":null},"bootstrapEndpoint":null,"discovery":{"name":null,"namespace":null,"secretRef":null},"tls":{"directoryPathInContainer":null,"enabled":null,"ignoreTrustStoreConfig":null,"jksPassword":{"secretRef":null},"secretRef":null}},"ksqldb":[{"advertisedUrl":null,"authentication":{"basic":{"debug":null,"directoryPathInContainer":null,"restrictedRoles":null,"roles":null,"secretRef":null},"type":null},"name":"ksql-dev","tls":{"directoryPathInContainer":null,"enabled":null,"ignoreTrustStoreConfig":null,"jksPassword":{"secretRef":null},"secretRef":null},"url":"http://ksqldb.confluent.svc.cluster.local:8088"}],"mds":{"authentication":{"bearer":{"directoryPathInContainer":null,"secretRef":null},"type":null},"endpoint":null,"tls":{"directoryPathInContainer":null,"enabled":null,"ignoreTrustStoreConfig":null,"jksPassword":{"secretRef":null},"secretRef":null},"tokenKeyPair":{"directoryPathInContainer":null,"secretRef":null}},"schemaRegistry":{"authentication":{"basic":{"debug":null,"directoryPathInContainer":null,"restrictedRoles":null,"roles":null,"secretRef":null},"type":null},"clusters":null,"tls":{"directoryPathInContainer":null,"enabled":null,"ignoreTrustStoreConfig":null,"jksPassword":{"secretRef":null},"secretRef":null},"url":"http://schemaregistry.confluent.svc.cluster.local:8081"}},"externalAccess":{"loadBalancer":{"advertisedURL":{"enabled":null,"prefix":null},"annotations":null,"domain":"minikube.domain","externalTrafficPolicy":null,"labels":null,"loadBalancerSourceRanges":null,"port":null,"prefix":null,"servicePorts":null,"sessionAffinity":null,"sessionAffinityConfig":{"clientIP":{"timeoutSeconds":null}}},"nodePort":{"advertisedURL":{"enabled":null,"prefix":null},"annotations":null,"externalTrafficPolicy":null,"host":null,"labels":null,"nodePortOffset":null,"servicePorts":null,"sessionAffinity":null,"sessionAffinityConfig":{"clientIP":{"timeoutSeconds":null}}},"route":{"annotations":null,"domain":null,"labels":null,"prefix":null,"wildcardPolicy":null},"type":"loadBalancer"},"headlessService":{"annotations":null,"labels":null,"publishNotReadyAddresses":null},"id":null,"image":{"application":"confluentinc/cp-enterprise-control-center:7.2.0","init":"confluentinc/confluent-init-container:2.4.0","pullPolicy":null,"pullSecretRef":null},"injectAnnotations":null,"injectLabels":null,"internalTopicReplicatorFactor":null,"k8sClusterDomain":null,"license":{"directoryPathInContainer":null,"globalLicense":null,"secretRef":null},"mail":{"authentication":{"basic":{"debug":null,"directoryPathInContainer":null,"restrictedRoles":null,"roles":null,"secretRef":null},"type":null},"checkServerIdentity":null,"hostname":null,"mailBounceAddress":null,"mailFrom":null,"port":null,"startTLSRequired":null},"metrics":{"authentication":{"type":null},"prometheus":{"blacklist":null,"rules":null,"whitelist":null},"tls":{"directoryPathInContainer":null,"enabled":null,"ignoreTrustStoreConfig":null,"jksPassword":{"secretRef":null},"secretRef":null}},"monitoringKafkaClusters":null,"mountedSecrets":null,"mountedVolumes":{"volumeMounts":null,"volumes":null},"name":null,"oneReplicaPerNode":null,"podTemplate":{"affinity":{"nodeAffinity":{"preferredDuringSchedulingIgnoredDuringExecution":null,"requiredDuringSchedulingIgnoredDuringExecution":{"nodeSelectorTerms":null}},"podAffinity":{"preferredDuringSchedulingIgnoredDuringExecution":null,"requiredDuringSchedulingIgnoredDuringExecution":null},"podAntiAffinity":{"preferredDuringSchedulingIgnoredDuringExecution":null,"requiredDuringSchedulingIgnoredDuringExecution":null}},"annotations":null,"envVars":null,"labels":null,"podSecurityContext":{"fsGroup":1000,"fsGroupChangePolicy":null,"runAsGroup":null,"runAsNonRoot":true,"runAsUser":1000,"seLinuxOptions":{"level":null,"role":null,"type":null,"user":null},"seccompProfile":{"localhostProfile":null,"type":null},"supplementalGroups":null,"sysctls":null,"windowsOptions":{"gmsaCredentialSpec":null,"gmsaCredentialSpecName":null,"hostProcess":null,"runAsUserName":null}},"priorityClassName":null,"probe":{"liveness":{"failureThreshold":5,"initialDelaySeconds":null,"periodSeconds":10,"successThreshold":null,"timeoutSeconds":500},"readiness":{"failureThreshold":null,"initialDelaySeconds":null,"periodSeconds":null,"successThreshold":null,"timeoutSeconds":null}},"resources":{"limits":null,"requests":{"cpu":"500m","memory":"512Mi"}},"securityContext":{"allowPrivilegeEscalation":null,"capabilities":{"add":null,"drop":null},"privileged":null,"procMount":null,"readOnlyRootFilesystem":null,"runAsGroup":null,"runAsNonRoot":null,"runAsUser":null,"seLinuxOptions":{"level":null,"role":null,"type":null,"user":null},"seccompProfile":{"localhostProfile":null,"type":null},"windowsOptions":{"gmsaCredentialSpec":null,"gmsaCredentialSpecName":null,"hostProcess":null,"runAsUserName":null}},"serviceAccountName":null,"terminationGracePeriodSeconds":null,"tolerations":null,"topologySpreadConstraints":null},"replicas":1,"storageClass":{"name":null},"telemetry":{"global":null},"tls":{"autoGeneratedCerts":null,"directoryPathInContainer":null,"ignoreTrustStoreConfig":null,"jksPassword":{"secretRef":null},"secretRef":null}}
TestTerraformConfluentPlatformSinglenodeExample 2022-08-01T17:52:17Z retry.go:91: terraform [output -no-color -json schemaregistry]
TestTerraformConfluentPlatformSinglenodeExample 2022-08-01T17:52:17Z logger.go:66: Running command terraform with args [output -no-color -json schemaregistry]
TestTerraformConfluentPlatformSinglenodeExample 2022-08-01T17:52:17Z logger.go:66: {"authentication":{"basic":{"debug":null,"directoryPathInContainer":null,"restrictedRoles":null,"roles":null,"secretRef":null},"type":null},"authorization":{"kafkaRestClassRef":{"name":null,"namespace":null},"type":null},"configOverrides":{"jvm":null,"log4j":null,"server":null},"dependencies":{"kafka":{"authentication":{"jaasConfig":{"secretRef":null},"jaasConfigPassThrough":{"directoryPathInContainer":null,"secretRef":null},"oauthbearer":{"directoryPathInContainer":null,"secretRef":null},"type":null},"bootstrapEndpoint":null,"discovery":{"name":null,"namespace":null,"secretRef":null},"tls":{"directoryPathInContainer":null,"enabled":null,"ignoreTrustStoreConfig":null,"jksPassword":{"secretRef":null},"secretRef":null}},"mds":{"authentication":{"bearer":{"directoryPathInContainer":null,"secretRef":null},"type":null},"endpoint":null,"tls":{"directoryPathInContainer":null,"enabled":null,"ignoreTrustStoreConfig":null,"jksPassword":{"secretRef":null},"secretRef":null},"tokenKeyPair":{"directoryPathInContainer":null,"secretRef":null}}},"enableSchemaExporter":null,"externalAccess":{"loadBalancer":{"advertisedURL":{"enabled":null,"prefix":null},"annotations":null,"domain":null,"externalTrafficPolicy":null,"labels":null,"loadBalancerSourceRanges":null,"port":null,"prefix":null,"servicePorts":null,"sessionAffinity":null,"sessionAffinityConfig":{"clientIP":{"timeoutSeconds":null}}},"nodePort":{"advertisedURL":{"enabled":null,"prefix":null},"annotations":null,"externalTrafficPolicy":null,"host":null,"labels":null,"nodePortOffset":null,"servicePorts":null,"sessionAffinity":null,"sessionAffinityConfig":{"clientIP":{"timeoutSeconds":null}}},"route":{"annotations":null,"domain":null,"labels":null,"prefix":null,"wildcardPolicy":null},"type":null},"headlessService":{"annotations":null,"labels":null,"publishNotReadyAddresses":null},"image":{"application":"confluentinc/cp-schema-registry:7.2.0","init":"confluentinc/confluent-init-container:2.4.0","pullPolicy":null,"pullSecretRef":null},"injectAnnotations":null,"injectLabels":null,"internalTopicReplicatorFactor":null,"k8sClusterDomain":null,"license":{"directoryPathInContainer":null,"globalLicense":null,"secretRef":null},"metrics":{"authentication":{"type":null},"prometheus":{"blacklist":null,"rules":null,"whitelist":null},"tls":{"directoryPathInContainer":null,"enabled":null,"ignoreTrustStoreConfig":null,"jksPassword":{"secretRef":null},"secretRef":null}},"mountedSecrets":null,"mountedVolumes":{"volumeMounts":null,"volumes":null},"oneReplicaPerNode":null,"passwordEncoder":{"directoryPathInContainer":null,"secretRef":null},"podTemplate":{"affinity":{"nodeAffinity":{"preferredDuringSchedulingIgnoredDuringExecution":null,"requiredDuringSchedulingIgnoredDuringExecution":{"nodeSelectorTerms":null}},"podAffinity":{"preferredDuringSchedulingIgnoredDuringExecution":null,"requiredDuringSchedulingIgnoredDuringExecution":null},"podAntiAffinity":{"preferredDuringSchedulingIgnoredDuringExecution":null,"requiredDuringSchedulingIgnoredDuringExecution":null}},"annotations":null,"envVars":null,"labels":null,"podSecurityContext":{"fsGroup":1000,"fsGroupChangePolicy":null,"runAsGroup":null,"runAsNonRoot":true,"runAsUser":1000,"seLinuxOptions":{"level":null,"role":null,"type":null,"user":null},"seccompProfile":{"localhostProfile":null,"type":null},"supplementalGroups":null,"sysctls":null,"windowsOptions":{"gmsaCredentialSpec":null,"gmsaCredentialSpecName":null,"hostProcess":null,"runAsUserName":null}},"priorityClassName":null,"probe":{"liveness":{"failureThreshold":null,"initialDelaySeconds":null,"periodSeconds":null,"successThreshold":null,"timeoutSeconds":null},"readiness":{"failureThreshold":null,"initialDelaySeconds":null,"periodSeconds":null,"successThreshold":null,"timeoutSeconds":null}},"resources":{"limits":null,"requests":{"cpu":"100m","memory":"256Mi"}},"securityContext":{"allowPrivilegeEscalation":null,"capabilities":{"add":null,"drop":null},"privileged":null,"procMount":null,"readOnlyRootFilesystem":null,"runAsGroup":null,"runAsNonRoot":null,"runAsUser":null,"seLinuxOptions":{"level":null,"role":null,"type":null,"user":null},"seccompProfile":{"localhostProfile":null,"type":null},"windowsOptions":{"gmsaCredentialSpec":null,"gmsaCredentialSpecName":null,"hostProcess":null,"runAsUserName":null}},"serviceAccountName":null,"terminationGracePeriodSeconds":null,"tolerations":null,"topologySpreadConstraints":null},"replicas":1,"telemetry":{"global":null},"tls":{"autoGeneratedCerts":null,"directoryPathInContainer":null,"ignoreTrustStoreConfig":null,"jksPassword":{"secretRef":null},"secretRef":null}}
TestTerraformConfluentPlatformSinglenodeExample 2022-08-01T17:52:17Z retry.go:91: terraform [output -no-color -json kafkarestproxy]
TestTerraformConfluentPlatformSinglenodeExample 2022-08-01T17:52:17Z logger.go:66: Running command terraform with args [output -no-color -json kafkarestproxy]
TestTerraformConfluentPlatformSinglenodeExample 2022-08-01T17:52:18Z logger.go:66: {"authentication":{"basic":{"debug":null,"directoryPathInContainer":null,"restrictedRoles":null,"roles":null,"secretRef":null},"type":null},"authorization":{"kafkaRestClassRef":{"name":null,"namespace":null},"type":null},"configOverrides":{"jvm":null,"log4j":null,"server":null},"dependencies":{"interceptor":{"configs":null,"consumer":{"authentication":{"jaasConfig":{"secretRef":null},"jaasConfigPassThrough":{"directoryPathInContainer":null,"secretRef":null},"oauthbearer":{"directoryPathInContainer":null,"secretRef":null},"type":null},"bootstrapEndpoint":null,"discovery":{"name":null,"namespace":null,"secretRef":null},"tls":{"directoryPathInContainer":null,"enabled":null,"ignoreTrustStoreConfig":null,"jksPassword":{"secretRef":null},"secretRef":null}},"enabled":null,"producer":{"authentication":{"jaasConfig":{"secretRef":null},"jaasConfigPassThrough":{"directoryPathInContainer":null,"secretRef":null},"oauthbearer":{"directoryPathInContainer":null,"secretRef":null},"type":null},"bootstrapEndpoint":null,"discovery":{"name":null,"namespace":null,"secretRef":null},"tls":{"directoryPathInContainer":null,"enabled":null,"ignoreTrustStoreConfig":null,"jksPassword":{"secretRef":null},"secretRef":null}},"publishMs":null},"kafka":{"authentication":{"jaasConfig":{"secretRef":null},"jaasConfigPassThrough":{"directoryPathInContainer":null,"secretRef":null},"oauthbearer":{"directoryPathInContainer":null,"secretRef":null},"type":null},"bootstrapEndpoint":null,"discovery":{"name":null,"namespace":null,"secretRef":null},"tls":{"directoryPathInContainer":null,"enabled":null,"ignoreTrustStoreConfig":null,"jksPassword":{"secretRef":null},"secretRef":null}},"mds":{"authentication":{"bearer":{"directoryPathInContainer":null,"secretRef":null},"type":null},"endpoint":null,"tls":{"directoryPathInContainer":null,"enabled":null,"ignoreTrustStoreConfig":null,"jksPassword":{"secretRef":null},"secretRef":null},"tokenKeyPair":{"directoryPathInContainer":null,"secretRef":null}},"schemaRegistry":{"authentication":{"basic":{"debug":null,"directoryPathInContainer":null,"restrictedRoles":null,"roles":null,"secretRef":null},"type":null},"tls":{"directoryPathInContainer":null,"enabled":null,"ignoreTrustStoreConfig":null,"jksPassword":{"secretRef":null},"secretRef":null},"url":"http://schemaregistry.confluent.svc.cluster.local:8081"}},"externalAccess":{"loadBalancer":{"advertisedURL":{"enabled":null,"prefix":null},"annotations":null,"domain":null,"externalTrafficPolicy":null,"labels":null,"loadBalancerSourceRanges":null,"port":null,"prefix":null,"servicePorts":null,"sessionAffinity":null,"sessionAffinityConfig":{"clientIP":{"timeoutSeconds":null}}},"nodePort":{"advertisedURL":{"enabled":null,"prefix":null},"annotations":null,"externalTrafficPolicy":null,"host":null,"labels":null,"nodePortOffset":null,"servicePorts":null,"sessionAffinity":null,"sessionAffinityConfig":{"clientIP":{"timeoutSeconds":null}}},"route":{"annotations":null,"domain":null,"labels":null,"prefix":null,"wildcardPolicy":null},"type":null},"headlessService":{"annotations":null,"labels":null,"publishNotReadyAddresses":null},"image":{"application":"confluentinc/cp-kafka-rest:7.2.0","init":"confluentinc/confluent-init-container:2.4.0","pullPolicy":null,"pullSecretRef":null},"injectAnnotations":null,"injectLabels":null,"k8sClusterDomain":null,"license":{"directoryPathInContainer":null,"globalLicense":null,"secretRef":null},"metrics":{"authentication":{"type":null},"prometheus":{"blacklist":null,"rules":null,"whitelist":null},"tls":{"directoryPathInContainer":null,"enabled":null,"ignoreTrustStoreConfig":null,"jksPassword":{"secretRef":null},"secretRef":null}},"mountedSecrets":null,"mountedVolumes":{"volumeMounts":null,"volumes":null},"oneReplicaPerNode":null,"podTemplate":{"affinity":{"nodeAffinity":{"preferredDuringSchedulingIgnoredDuringExecution":null,"requiredDuringSchedulingIgnoredDuringExecution":{"nodeSelectorTerms":null}},"podAffinity":{"preferredDuringSchedulingIgnoredDuringExecution":null,"requiredDuringSchedulingIgnoredDuringExecution":null},"podAntiAffinity":{"preferredDuringSchedulingIgnoredDuringExecution":null,"requiredDuringSchedulingIgnoredDuringExecution":null}},"annotations":null,"envVars":null,"labels":null,"podSecurityContext":{"fsGroup":1000,"fsGroupChangePolicy":null,"runAsGroup":null,"runAsNonRoot":true,"runAsUser":1000,"seLinuxOptions":{"level":null,"role":null,"type":null,"user":null},"seccompProfile":{"localhostProfile":null,"type":null},"supplementalGroups":null,"sysctls":null,"windowsOptions":{"gmsaCredentialSpec":null,"gmsaCredentialSpecName":null,"hostProcess":null,"runAsUserName":null}},"priorityClassName":null,"probe":{"liveness":{"failureThreshold":null,"initialDelaySeconds":null,"periodSeconds":null,"successThreshold":null,"timeoutSeconds":null},"readiness":{"failureThreshold":null,"initialDelaySeconds":null,"periodSeconds":null,"successThreshold":null,"timeoutSeconds":null}},"resources":{"limits":null,"requests":{"cpu":"100m","memory":"256Mi"}},"securityContext":{"allowPrivilegeEscalation":null,"capabilities":{"add":null,"drop":null},"privileged":null,"procMount":null,"readOnlyRootFilesystem":null,"runAsGroup":null,"runAsNonRoot":null,"runAsUser":null,"seLinuxOptions":{"level":null,"role":null,"type":null,"user":null},"seccompProfile":{"localhostProfile":null,"type":null},"windowsOptions":{"gmsaCredentialSpec":null,"gmsaCredentialSpecName":null,"hostProcess":null,"runAsUserName":null}},"serviceAccountName":null,"terminationGracePeriodSeconds":null,"tolerations":null,"topologySpreadConstraints":null},"replicas":1,"telemetry":{"global":null},"tls":{"autoGeneratedCerts":null,"directoryPathInContainer":null,"ignoreTrustStoreConfig":null,"jksPassword":{"secretRef":null},"secretRef":null}}
TestTerraformConfluentPlatformSinglenodeExample 2022-08-01T17:52:18Z retry.go:91: terraform [destroy -auto-approve -input=false -no-color -lock=false]
TestTerraformConfluentPlatformSinglenodeExample 2022-08-01T17:52:18Z logger.go:66: Running command terraform with args [destroy -auto-approve -input=false -no-color -lock=false]
TestTerraformConfluentPlatformSinglenodeExample 2022-08-01T17:52:20Z logger.go:66:
TestTerraformConfluentPlatformSinglenodeExample 2022-08-01T17:52:20Z logger.go:66: Error: Unsupported attribute
TestTerraformConfluentPlatformSinglenodeExample 2022-08-01T17:52:20Z logger.go:66:
TestTerraformConfluentPlatformSinglenodeExample 2022-08-01T17:52:20Z logger.go:66:   on outputs.tf line 8, in output "zookeeper":
TestTerraformConfluentPlatformSinglenodeExample 2022-08-01T17:52:20Z logger.go:66:    8:   value       = module.confluent_platform_singlenode.zookeeper["spec"]
TestTerraformConfluentPlatformSinglenodeExample 2022-08-01T17:52:20Z logger.go:66:     ├────────────────
TestTerraformConfluentPlatformSinglenodeExample 2022-08-01T17:52:20Z logger.go:66:     │ module.confluent_platform_singlenode is a object, known only after apply
TestTerraformConfluentPlatformSinglenodeExample 2022-08-01T17:52:20Z logger.go:66:
TestTerraformConfluentPlatformSinglenodeExample 2022-08-01T17:52:20Z logger.go:66: This object does not have an attribute named "zookeeper".
TestTerraformConfluentPlatformSinglenodeExample 2022-08-01T17:52:20Z logger.go:66:
TestTerraformConfluentPlatformSinglenodeExample 2022-08-01T17:52:20Z logger.go:66: Error: Unsupported attribute
TestTerraformConfluentPlatformSinglenodeExample 2022-08-01T17:52:20Z logger.go:66:
TestTerraformConfluentPlatformSinglenodeExample 2022-08-01T17:52:20Z logger.go:66:   on outputs.tf line 13, in output "kafka":
TestTerraformConfluentPlatformSinglenodeExample 2022-08-01T17:52:20Z logger.go:66:   13:   value       = module.confluent_platform_singlenode.kafka["spec"]
TestTerraformConfluentPlatformSinglenodeExample 2022-08-01T17:52:20Z logger.go:66:     ├────────────────
TestTerraformConfluentPlatformSinglenodeExample 2022-08-01T17:52:20Z logger.go:66:     │ module.confluent_platform_singlenode is a object, known only after apply
TestTerraformConfluentPlatformSinglenodeExample 2022-08-01T17:52:20Z logger.go:66:
TestTerraformConfluentPlatformSinglenodeExample 2022-08-01T17:52:20Z logger.go:66: This object does not have an attribute named "kafka".
TestTerraformConfluentPlatformSinglenodeExample 2022-08-01T17:52:20Z logger.go:66:
TestTerraformConfluentPlatformSinglenodeExample 2022-08-01T17:52:20Z logger.go:66: Error: Unsupported attribute
TestTerraformConfluentPlatformSinglenodeExample 2022-08-01T17:52:20Z logger.go:66:
TestTerraformConfluentPlatformSinglenodeExample 2022-08-01T17:52:20Z logger.go:66:   on outputs.tf line 18, in output "connect":
TestTerraformConfluentPlatformSinglenodeExample 2022-08-01T17:52:20Z logger.go:66:   18:   value       = module.confluent_platform_singlenode.connect["spec"]
TestTerraformConfluentPlatformSinglenodeExample 2022-08-01T17:52:20Z logger.go:66:     ├────────────────
TestTerraformConfluentPlatformSinglenodeExample 2022-08-01T17:52:20Z logger.go:66:     │ module.confluent_platform_singlenode is a object, known only after apply
TestTerraformConfluentPlatformSinglenodeExample 2022-08-01T17:52:20Z logger.go:66:
TestTerraformConfluentPlatformSinglenodeExample 2022-08-01T17:52:20Z logger.go:66: This object does not have an attribute named "connect".
TestTerraformConfluentPlatformSinglenodeExample 2022-08-01T17:52:20Z logger.go:66:
TestTerraformConfluentPlatformSinglenodeExample 2022-08-01T17:52:20Z logger.go:66: Error: Unsupported attribute
TestTerraformConfluentPlatformSinglenodeExample 2022-08-01T17:52:20Z logger.go:66:
TestTerraformConfluentPlatformSinglenodeExample 2022-08-01T17:52:20Z logger.go:66:   on outputs.tf line 23, in output "ksqldb":
TestTerraformConfluentPlatformSinglenodeExample 2022-08-01T17:52:20Z logger.go:66:   23:   value       = module.confluent_platform_singlenode.ksqldb["spec"]
TestTerraformConfluentPlatformSinglenodeExample 2022-08-01T17:52:20Z logger.go:66:     ├────────────────
TestTerraformConfluentPlatformSinglenodeExample 2022-08-01T17:52:20Z logger.go:66:     │ module.confluent_platform_singlenode is a object, known only after apply
TestTerraformConfluentPlatformSinglenodeExample 2022-08-01T17:52:20Z logger.go:66:
TestTerraformConfluentPlatformSinglenodeExample 2022-08-01T17:52:20Z logger.go:66: This object does not have an attribute named "ksqldb".
TestTerraformConfluentPlatformSinglenodeExample 2022-08-01T17:52:20Z logger.go:66:
TestTerraformConfluentPlatformSinglenodeExample 2022-08-01T17:52:20Z logger.go:66: Error: Unsupported attribute
TestTerraformConfluentPlatformSinglenodeExample 2022-08-01T17:52:20Z logger.go:66:
TestTerraformConfluentPlatformSinglenodeExample 2022-08-01T17:52:20Z logger.go:66:   on outputs.tf line 28, in output "controlcenter":
TestTerraformConfluentPlatformSinglenodeExample 2022-08-01T17:52:20Z logger.go:66:   28:   value       = module.confluent_platform_singlenode.controlcenter["spec"]
TestTerraformConfluentPlatformSinglenodeExample 2022-08-01T17:52:20Z logger.go:66:     ├────────────────
TestTerraformConfluentPlatformSinglenodeExample 2022-08-01T17:52:20Z logger.go:66:     │ module.confluent_platform_singlenode is a object, known only after apply
TestTerraformConfluentPlatformSinglenodeExample 2022-08-01T17:52:20Z logger.go:66:
TestTerraformConfluentPlatformSinglenodeExample 2022-08-01T17:52:20Z logger.go:66: This object does not have an attribute named "controlcenter".
TestTerraformConfluentPlatformSinglenodeExample 2022-08-01T17:52:20Z logger.go:66:
TestTerraformConfluentPlatformSinglenodeExample 2022-08-01T17:52:20Z logger.go:66: Error: Unsupported attribute
TestTerraformConfluentPlatformSinglenodeExample 2022-08-01T17:52:20Z logger.go:66:
TestTerraformConfluentPlatformSinglenodeExample 2022-08-01T17:52:20Z logger.go:66:   on outputs.tf line 33, in output "schemaregistry":
TestTerraformConfluentPlatformSinglenodeExample 2022-08-01T17:52:20Z logger.go:66:   33:   value       = module.confluent_platform_singlenode.schemaregistry["spec"]
TestTerraformConfluentPlatformSinglenodeExample 2022-08-01T17:52:20Z logger.go:66:     ├────────────────
TestTerraformConfluentPlatformSinglenodeExample 2022-08-01T17:52:20Z logger.go:66:     │ module.confluent_platform_singlenode is a object, known only after apply
TestTerraformConfluentPlatformSinglenodeExample 2022-08-01T17:52:20Z logger.go:66:
TestTerraformConfluentPlatformSinglenodeExample 2022-08-01T17:52:20Z logger.go:66: This object does not have an attribute named "schemaregistry".
TestTerraformConfluentPlatformSinglenodeExample 2022-08-01T17:52:20Z logger.go:66:
TestTerraformConfluentPlatformSinglenodeExample 2022-08-01T17:52:20Z logger.go:66: Error: Unsupported attribute
TestTerraformConfluentPlatformSinglenodeExample 2022-08-01T17:52:20Z logger.go:66:
TestTerraformConfluentPlatformSinglenodeExample 2022-08-01T17:52:20Z logger.go:66:   on outputs.tf line 38, in output "kafkarestproxy":
TestTerraformConfluentPlatformSinglenodeExample 2022-08-01T17:52:20Z logger.go:66:   38:   value       = module.confluent_platform_singlenode.kafkarestproxy["spec"]
TestTerraformConfluentPlatformSinglenodeExample 2022-08-01T17:52:20Z logger.go:66:     ├────────────────
TestTerraformConfluentPlatformSinglenodeExample 2022-08-01T17:52:20Z logger.go:66:     │ module.confluent_platform_singlenode is a object, known only after apply
TestTerraformConfluentPlatformSinglenodeExample 2022-08-01T17:52:20Z logger.go:66:
TestTerraformConfluentPlatformSinglenodeExample 2022-08-01T17:52:20Z logger.go:66: This object does not have an attribute named "kafkarestproxy".
TestTerraformConfluentPlatformSinglenodeExample 2022-08-01T17:52:20Z retry.go:99: Returning due to fatal error: FatalError{Underlying: error while running command: exit status 1;
Error: Unsupported attribute

  on outputs.tf line 8, in output "zookeeper":
   8:   value       = module.confluent_platform_singlenode.zookeeper["spec"]
    ├────────────────
    │ module.confluent_platform_singlenode is a object, known only after apply

This object does not have an attribute named "zookeeper".

Error: Unsupported attribute

  on outputs.tf line 13, in output "kafka":
  13:   value       = module.confluent_platform_singlenode.kafka["spec"]
    ├────────────────
    │ module.confluent_platform_singlenode is a object, known only after apply

This object does not have an attribute named "kafka".

Error: Unsupported attribute

  on outputs.tf line 18, in output "connect":
  18:   value       = module.confluent_platform_singlenode.connect["spec"]
    ├────────────────
    │ module.confluent_platform_singlenode is a object, known only after apply

This object does not have an attribute named "connect".

Error: Unsupported attribute

  on outputs.tf line 23, in output "ksqldb":
  23:   value       = module.confluent_platform_singlenode.ksqldb["spec"]
    ├────────────────
    │ module.confluent_platform_singlenode is a object, known only after apply

This object does not have an attribute named "ksqldb".

Error: Unsupported attribute

  on outputs.tf line 28, in output "controlcenter":
  28:   value       = module.confluent_platform_singlenode.controlcenter["spec"]
    ├────────────────
    │ module.confluent_platform_singlenode is a object, known only after apply

This object does not have an attribute named "controlcenter".

Error: Unsupported attribute

  on outputs.tf line 33, in output "schemaregistry":
  33:   value       = module.confluent_platform_singlenode.schemaregistry["spec"]
    ├────────────────
    │ module.confluent_platform_singlenode is a object, known only after apply

This object does not have an attribute named "schemaregistry".

Error: Unsupported attribute

  on outputs.tf line 38, in output "kafkarestproxy":
  38:   value       = module.confluent_platform_singlenode.kafkarestproxy["spec"]
    ├────────────────
    │ module.confluent_platform_singlenode is a object, known only after apply

This object does not have an attribute named "kafkarestproxy".}
    destroy.go:11:
        	Error Trace:	/workspaces/terraform-kubernetes-confluent-platform/test/destroy.go:11
        	            				/workspaces/terraform-kubernetes-confluent-platform/test/terraform_confluent_platform_singlenode_test.go:49
        	Error:      	Received unexpected error:
        	            	FatalError{Underlying: error while running command: exit status 1;
        	            	Error: Unsupported attribute

        	            	  on outputs.tf line 8, in output "zookeeper":
        	            	   8:   value       = module.confluent_platform_singlenode.zookeeper["spec"]
        	            	    ├────────────────
        	            	    │ module.confluent_platform_singlenode is a object, known only after apply

        	            	This object does not have an attribute named "zookeeper".

        	            	Error: Unsupported attribute

        	            	  on outputs.tf line 13, in output "kafka":
        	            	  13:   value       = module.confluent_platform_singlenode.kafka["spec"]
        	            	    ├────────────────
        	            	    │ module.confluent_platform_singlenode is a object, known only after apply

        	            	This object does not have an attribute named "kafka".

        	            	Error: Unsupported attribute

        	            	  on outputs.tf line 18, in output "connect":
        	            	  18:   value       = module.confluent_platform_singlenode.connect["spec"]
        	            	    ├────────────────
        	            	    │ module.confluent_platform_singlenode is a object, known only after apply

        	            	This object does not have an attribute named "connect".

        	            	Error: Unsupported attribute

        	            	  on outputs.tf line 23, in output "ksqldb":
        	            	  23:   value       = module.confluent_platform_singlenode.ksqldb["spec"]
        	            	    ├────────────────
        	            	    │ module.confluent_platform_singlenode is a object, known only after apply

        	            	This object does not have an attribute named "ksqldb".

        	            	Error: Unsupported attribute

        	            	  on outputs.tf line 28, in output "controlcenter":
        	            	  28:   value       = module.confluent_platform_singlenode.controlcenter["spec"]
        	            	    ├────────────────
        	            	    │ module.confluent_platform_singlenode is a object, known only after apply

        	            	This object does not have an attribute named "controlcenter".

        	            	Error: Unsupported attribute

        	            	  on outputs.tf line 33, in output "schemaregistry":
        	            	  33:   value       = module.confluent_platform_singlenode.schemaregistry["spec"]
        	            	    ├────────────────
        	            	    │ module.confluent_platform_singlenode is a object, known only after apply

        	            	This object does not have an attribute named "schemaregistry".

        	            	Error: Unsupported attribute

        	            	  on outputs.tf line 38, in output "kafkarestproxy":
        	            	  38:   value       = module.confluent_platform_singlenode.kafkarestproxy["spec"]
        	            	    ├────────────────
        	            	    │ module.confluent_platform_singlenode is a object, known only after apply

        	            	This object does not have an attribute named "kafkarestproxy".}
        	Test:       	TestTerraformConfluentPlatformSinglenodeExample
--- FAIL: TestTerraformConfluentPlatformSinglenodeExample (235.84s)
FAIL
FAIL	command-line-arguments	235.895s
FAIL
