=== RUN   TestTerraformConfluentPlatformExample
TestTerraformConfluentPlatformExample 2022-08-03T15:53:55Z retry.go:91: terraform [init -upgrade=false]
TestTerraformConfluentPlatformExample 2022-08-03T15:53:55Z logger.go:66: Running command terraform with args [init -upgrade=false]
TestTerraformConfluentPlatformExample 2022-08-03T15:53:55Z logger.go:66: [0m[1mInitializing modules...[0m
TestTerraformConfluentPlatformExample 2022-08-03T15:53:56Z logger.go:66:
TestTerraformConfluentPlatformExample 2022-08-03T15:53:56Z logger.go:66: [0m[1mInitializing the backend...[0m
TestTerraformConfluentPlatformExample 2022-08-03T15:53:57Z logger.go:66:
TestTerraformConfluentPlatformExample 2022-08-03T15:53:57Z logger.go:66: [0m[1mInitializing provider plugins...[0m
TestTerraformConfluentPlatformExample 2022-08-03T15:53:57Z logger.go:66: - Reusing previous version of hashicorp/helm from the dependency lock file
TestTerraformConfluentPlatformExample 2022-08-03T15:53:57Z logger.go:66: - Reusing previous version of hashicorp/kubernetes from the dependency lock file
TestTerraformConfluentPlatformExample 2022-08-03T15:53:57Z logger.go:66: - Using previously-installed hashicorp/helm v2.6.0
TestTerraformConfluentPlatformExample 2022-08-03T15:53:57Z logger.go:66: - Using previously-installed hashicorp/kubernetes v2.12.1
TestTerraformConfluentPlatformExample 2022-08-03T15:53:57Z logger.go:66:
TestTerraformConfluentPlatformExample 2022-08-03T15:53:57Z logger.go:66: [0m[1m[32mTerraform has been successfully initialized![0m[32m[0m
TestTerraformConfluentPlatformExample 2022-08-03T15:53:57Z logger.go:66: [0m[32m
TestTerraformConfluentPlatformExample 2022-08-03T15:53:57Z logger.go:66: You may now begin working with Terraform. Try running "terraform plan" to see
TestTerraformConfluentPlatformExample 2022-08-03T15:53:57Z logger.go:66: any changes that are required for your infrastructure. All Terraform commands
TestTerraformConfluentPlatformExample 2022-08-03T15:53:57Z logger.go:66: should now work.
TestTerraformConfluentPlatformExample 2022-08-03T15:53:57Z logger.go:66:
TestTerraformConfluentPlatformExample 2022-08-03T15:53:57Z logger.go:66: If you ever set or change modules or backend configuration for Terraform,
TestTerraformConfluentPlatformExample 2022-08-03T15:53:57Z logger.go:66: rerun this command to reinitialize your working directory. If you forget, other
TestTerraformConfluentPlatformExample 2022-08-03T15:53:57Z logger.go:66: commands will detect it and remind you to do so if necessary.[0m
TestTerraformConfluentPlatformExample 2022-08-03T15:53:57Z retry.go:91: terraform [apply -input=false -auto-approve -no-color -lock=false]
TestTerraformConfluentPlatformExample 2022-08-03T15:53:57Z logger.go:66: Running command terraform with args [apply -input=false -auto-approve -no-color -lock=false]
TestTerraformConfluentPlatformExample 2022-08-03T15:54:04Z logger.go:66:
TestTerraformConfluentPlatformExample 2022-08-03T15:54:04Z logger.go:66: Terraform used the selected providers to generate the following execution
TestTerraformConfluentPlatformExample 2022-08-03T15:54:04Z logger.go:66: plan. Resource actions are indicated with the following symbols:
TestTerraformConfluentPlatformExample 2022-08-03T15:54:04Z logger.go:66:   + create
TestTerraformConfluentPlatformExample 2022-08-03T15:54:04Z logger.go:66:  <= read (data resources)
TestTerraformConfluentPlatformExample 2022-08-03T15:54:04Z logger.go:66:
TestTerraformConfluentPlatformExample 2022-08-03T15:54:04Z logger.go:66: Terraform will perform the following actions:
TestTerraformConfluentPlatformExample 2022-08-03T15:54:04Z logger.go:66:
TestTerraformConfluentPlatformExample 2022-08-03T15:54:04Z logger.go:66:   # module.confluent_platform.data.kubernetes_resource.components["connect"] will be read during apply
TestTerraformConfluentPlatformExample 2022-08-03T15:54:04Z logger.go:66:   # (depends on a resource or a module with changes pending)
TestTerraformConfluentPlatformExample 2022-08-03T15:54:04Z logger.go:66:  <= data "kubernetes_resource" "components" {
TestTerraformConfluentPlatformExample 2022-08-03T15:54:04Z logger.go:66:       + api_version = "platform.confluent.io/v1beta1"
TestTerraformConfluentPlatformExample 2022-08-03T15:54:04Z logger.go:66:       + kind        = "Connect"
TestTerraformConfluentPlatformExample 2022-08-03T15:54:04Z logger.go:66:       + object      = (known after apply)
TestTerraformConfluentPlatformExample 2022-08-03T15:54:04Z logger.go:66:
TestTerraformConfluentPlatformExample 2022-08-03T15:54:04Z logger.go:66:       + metadata {
TestTerraformConfluentPlatformExample 2022-08-03T15:54:04Z logger.go:66:           + name      = "connect"
TestTerraformConfluentPlatformExample 2022-08-03T15:54:04Z logger.go:66:           + namespace = "confluent"
TestTerraformConfluentPlatformExample 2022-08-03T15:54:04Z logger.go:66:         }
TestTerraformConfluentPlatformExample 2022-08-03T15:54:04Z logger.go:66:     }
TestTerraformConfluentPlatformExample 2022-08-03T15:54:04Z logger.go:66:
TestTerraformConfluentPlatformExample 2022-08-03T15:54:04Z logger.go:66:   # module.confluent_platform.data.kubernetes_resource.components["controlcenter"] will be read during apply
TestTerraformConfluentPlatformExample 2022-08-03T15:54:04Z logger.go:66:   # (depends on a resource or a module with changes pending)
TestTerraformConfluentPlatformExample 2022-08-03T15:54:04Z logger.go:66:  <= data "kubernetes_resource" "components" {
TestTerraformConfluentPlatformExample 2022-08-03T15:54:04Z logger.go:66:       + api_version = "platform.confluent.io/v1beta1"
TestTerraformConfluentPlatformExample 2022-08-03T15:54:04Z logger.go:66:       + kind        = "ControlCenter"
TestTerraformConfluentPlatformExample 2022-08-03T15:54:04Z logger.go:66:       + object      = (known after apply)
TestTerraformConfluentPlatformExample 2022-08-03T15:54:04Z logger.go:66:
TestTerraformConfluentPlatformExample 2022-08-03T15:54:04Z logger.go:66:       + metadata {
TestTerraformConfluentPlatformExample 2022-08-03T15:54:04Z logger.go:66:           + name      = "controlcenter"
TestTerraformConfluentPlatformExample 2022-08-03T15:54:04Z logger.go:66:           + namespace = "confluent"
TestTerraformConfluentPlatformExample 2022-08-03T15:54:04Z logger.go:66:         }
TestTerraformConfluentPlatformExample 2022-08-03T15:54:04Z logger.go:66:     }
TestTerraformConfluentPlatformExample 2022-08-03T15:54:04Z logger.go:66:
TestTerraformConfluentPlatformExample 2022-08-03T15:54:04Z logger.go:66:   # module.confluent_platform.data.kubernetes_resource.components["kafka"] will be read during apply
TestTerraformConfluentPlatformExample 2022-08-03T15:54:04Z logger.go:66:   # (depends on a resource or a module with changes pending)
TestTerraformConfluentPlatformExample 2022-08-03T15:54:04Z logger.go:66:  <= data "kubernetes_resource" "components" {
TestTerraformConfluentPlatformExample 2022-08-03T15:54:04Z logger.go:66:       + api_version = "platform.confluent.io/v1beta1"
TestTerraformConfluentPlatformExample 2022-08-03T15:54:04Z logger.go:66:       + kind        = "Kafka"
TestTerraformConfluentPlatformExample 2022-08-03T15:54:04Z logger.go:66:       + object      = (known after apply)
TestTerraformConfluentPlatformExample 2022-08-03T15:54:04Z logger.go:66:
TestTerraformConfluentPlatformExample 2022-08-03T15:54:04Z logger.go:66:       + metadata {
TestTerraformConfluentPlatformExample 2022-08-03T15:54:04Z logger.go:66:           + name      = "kafka"
TestTerraformConfluentPlatformExample 2022-08-03T15:54:04Z logger.go:66:           + namespace = "confluent"
TestTerraformConfluentPlatformExample 2022-08-03T15:54:04Z logger.go:66:         }
TestTerraformConfluentPlatformExample 2022-08-03T15:54:04Z logger.go:66:     }
TestTerraformConfluentPlatformExample 2022-08-03T15:54:04Z logger.go:66:
TestTerraformConfluentPlatformExample 2022-08-03T15:54:04Z logger.go:66:   # module.confluent_platform.data.kubernetes_resource.components["kafkarestproxy"] will be read during apply
TestTerraformConfluentPlatformExample 2022-08-03T15:54:04Z logger.go:66:   # (depends on a resource or a module with changes pending)
TestTerraformConfluentPlatformExample 2022-08-03T15:54:04Z logger.go:66:  <= data "kubernetes_resource" "components" {
TestTerraformConfluentPlatformExample 2022-08-03T15:54:04Z logger.go:66:       + api_version = "platform.confluent.io/v1beta1"
TestTerraformConfluentPlatformExample 2022-08-03T15:54:04Z logger.go:66:       + kind        = "KafkaRestProxy"
TestTerraformConfluentPlatformExample 2022-08-03T15:54:04Z logger.go:66:       + object      = (known after apply)
TestTerraformConfluentPlatformExample 2022-08-03T15:54:04Z logger.go:66:
TestTerraformConfluentPlatformExample 2022-08-03T15:54:04Z logger.go:66:       + metadata {
TestTerraformConfluentPlatformExample 2022-08-03T15:54:04Z logger.go:66:           + name      = "kafkarestproxy"
TestTerraformConfluentPlatformExample 2022-08-03T15:54:04Z logger.go:66:           + namespace = "confluent"
TestTerraformConfluentPlatformExample 2022-08-03T15:54:04Z logger.go:66:         }
TestTerraformConfluentPlatformExample 2022-08-03T15:54:04Z logger.go:66:     }
TestTerraformConfluentPlatformExample 2022-08-03T15:54:04Z logger.go:66:
TestTerraformConfluentPlatformExample 2022-08-03T15:54:04Z logger.go:66:   # module.confluent_platform.data.kubernetes_resource.components["ksqldb"] will be read during apply
TestTerraformConfluentPlatformExample 2022-08-03T15:54:04Z logger.go:66:   # (depends on a resource or a module with changes pending)
TestTerraformConfluentPlatformExample 2022-08-03T15:54:04Z logger.go:66:  <= data "kubernetes_resource" "components" {
TestTerraformConfluentPlatformExample 2022-08-03T15:54:04Z logger.go:66:       + api_version = "platform.confluent.io/v1beta1"
TestTerraformConfluentPlatformExample 2022-08-03T15:54:04Z logger.go:66:       + kind        = "KsqlDB"
TestTerraformConfluentPlatformExample 2022-08-03T15:54:04Z logger.go:66:       + object      = (known after apply)
TestTerraformConfluentPlatformExample 2022-08-03T15:54:04Z logger.go:66:
TestTerraformConfluentPlatformExample 2022-08-03T15:54:04Z logger.go:66:       + metadata {
TestTerraformConfluentPlatformExample 2022-08-03T15:54:04Z logger.go:66:           + name      = "ksqldb"
TestTerraformConfluentPlatformExample 2022-08-03T15:54:04Z logger.go:66:           + namespace = "confluent"
TestTerraformConfluentPlatformExample 2022-08-03T15:54:04Z logger.go:66:         }
TestTerraformConfluentPlatformExample 2022-08-03T15:54:04Z logger.go:66:     }
TestTerraformConfluentPlatformExample 2022-08-03T15:54:04Z logger.go:66:
TestTerraformConfluentPlatformExample 2022-08-03T15:54:04Z logger.go:66:   # module.confluent_platform.data.kubernetes_resource.components["schemaregistry"] will be read during apply
TestTerraformConfluentPlatformExample 2022-08-03T15:54:04Z logger.go:66:   # (depends on a resource or a module with changes pending)
TestTerraformConfluentPlatformExample 2022-08-03T15:54:04Z logger.go:66:  <= data "kubernetes_resource" "components" {
TestTerraformConfluentPlatformExample 2022-08-03T15:54:04Z logger.go:66:       + api_version = "platform.confluent.io/v1beta1"
TestTerraformConfluentPlatformExample 2022-08-03T15:54:04Z logger.go:66:       + kind        = "SchemaRegistry"
TestTerraformConfluentPlatformExample 2022-08-03T15:54:04Z logger.go:66:       + object      = (known after apply)
TestTerraformConfluentPlatformExample 2022-08-03T15:54:04Z logger.go:66:
TestTerraformConfluentPlatformExample 2022-08-03T15:54:04Z logger.go:66:       + metadata {
TestTerraformConfluentPlatformExample 2022-08-03T15:54:04Z logger.go:66:           + name      = "schemaregistry"
TestTerraformConfluentPlatformExample 2022-08-03T15:54:04Z logger.go:66:           + namespace = "confluent"
TestTerraformConfluentPlatformExample 2022-08-03T15:54:04Z logger.go:66:         }
TestTerraformConfluentPlatformExample 2022-08-03T15:54:04Z logger.go:66:     }
TestTerraformConfluentPlatformExample 2022-08-03T15:54:04Z logger.go:66:
TestTerraformConfluentPlatformExample 2022-08-03T15:54:04Z logger.go:66:   # module.confluent_platform.data.kubernetes_resource.components["zookeeper"] will be read during apply
TestTerraformConfluentPlatformExample 2022-08-03T15:54:04Z logger.go:66:   # (depends on a resource or a module with changes pending)
TestTerraformConfluentPlatformExample 2022-08-03T15:54:04Z logger.go:66:  <= data "kubernetes_resource" "components" {
TestTerraformConfluentPlatformExample 2022-08-03T15:54:04Z logger.go:66:       + api_version = "platform.confluent.io/v1beta1"
TestTerraformConfluentPlatformExample 2022-08-03T15:54:04Z logger.go:66:       + kind        = "Zookeeper"
TestTerraformConfluentPlatformExample 2022-08-03T15:54:04Z logger.go:66:       + object      = (known after apply)
TestTerraformConfluentPlatformExample 2022-08-03T15:54:04Z logger.go:66:
TestTerraformConfluentPlatformExample 2022-08-03T15:54:04Z logger.go:66:       + metadata {
TestTerraformConfluentPlatformExample 2022-08-03T15:54:04Z logger.go:66:           + name      = "zookeeper"
TestTerraformConfluentPlatformExample 2022-08-03T15:54:04Z logger.go:66:           + namespace = "confluent"
TestTerraformConfluentPlatformExample 2022-08-03T15:54:04Z logger.go:66:         }
TestTerraformConfluentPlatformExample 2022-08-03T15:54:04Z logger.go:66:     }
TestTerraformConfluentPlatformExample 2022-08-03T15:54:04Z logger.go:66:
TestTerraformConfluentPlatformExample 2022-08-03T15:54:04Z logger.go:66:   # module.confluent_platform.kubernetes_manifest.components["connect"] will be created
TestTerraformConfluentPlatformExample 2022-08-03T15:54:04Z logger.go:66:   + resource "kubernetes_manifest" "components" {
TestTerraformConfluentPlatformExample 2022-08-03T15:54:04Z logger.go:66:       + computed_fields = [
TestTerraformConfluentPlatformExample 2022-08-03T15:54:04Z logger.go:66:           + "metadata.finalizers",
TestTerraformConfluentPlatformExample 2022-08-03T15:54:04Z logger.go:66:         ]
TestTerraformConfluentPlatformExample 2022-08-03T15:54:04Z logger.go:66:       + manifest        = {
TestTerraformConfluentPlatformExample 2022-08-03T15:54:04Z logger.go:66:           + apiVersion = "platform.confluent.io/v1beta1"
TestTerraformConfluentPlatformExample 2022-08-03T15:54:04Z logger.go:66:           + kind       = "Connect"
TestTerraformConfluentPlatformExample 2022-08-03T15:54:04Z logger.go:66:           + metadata   = {
TestTerraformConfluentPlatformExample 2022-08-03T15:54:04Z logger.go:66:               + name      = "connect"
TestTerraformConfluentPlatformExample 2022-08-03T15:54:04Z logger.go:66:               + namespace = "confluent"
TestTerraformConfluentPlatformExample 2022-08-03T15:54:04Z logger.go:66:             }
TestTerraformConfluentPlatformExample 2022-08-03T15:54:04Z logger.go:66:           + spec       = {
TestTerraformConfluentPlatformExample 2022-08-03T15:54:04Z logger.go:66:               + dependencies = {
TestTerraformConfluentPlatformExample 2022-08-03T15:54:04Z logger.go:66:                   + kafka = {
TestTerraformConfluentPlatformExample 2022-08-03T15:54:04Z logger.go:66:                       + bootstrapEndpoint = "kafka:9071"
TestTerraformConfluentPlatformExample 2022-08-03T15:54:04Z logger.go:66:                     }
TestTerraformConfluentPlatformExample 2022-08-03T15:54:04Z logger.go:66:                 }
TestTerraformConfluentPlatformExample 2022-08-03T15:54:04Z logger.go:66:               + image        = {
TestTerraformConfluentPlatformExample 2022-08-03T15:54:04Z logger.go:66:                   + application = "confluentinc/cp-server-connect:7.2.0"
TestTerraformConfluentPlatformExample 2022-08-03T15:54:04Z logger.go:66:                   + init        = "confluentinc/confluent-init-container:2.4.0"
TestTerraformConfluentPlatformExample 2022-08-03T15:54:04Z logger.go:66:                 }
TestTerraformConfluentPlatformExample 2022-08-03T15:54:04Z logger.go:66:               + replicas     = 1
TestTerraformConfluentPlatformExample 2022-08-03T15:54:04Z logger.go:66:             }
TestTerraformConfluentPlatformExample 2022-08-03T15:54:04Z logger.go:66:         }
TestTerraformConfluentPlatformExample 2022-08-03T15:54:04Z logger.go:66:       + object          = {
TestTerraformConfluentPlatformExample 2022-08-03T15:54:04Z logger.go:66:           + apiVersion = "platform.confluent.io/v1beta1"
TestTerraformConfluentPlatformExample 2022-08-03T15:54:04Z logger.go:66:           + kind       = "Connect"
TestTerraformConfluentPlatformExample 2022-08-03T15:54:04Z logger.go:66:           + metadata   = {
TestTerraformConfluentPlatformExample 2022-08-03T15:54:04Z logger.go:66:               + annotations                = (known after apply)
TestTerraformConfluentPlatformExample 2022-08-03T15:54:04Z logger.go:66:               + clusterName                = (known after apply)
TestTerraformConfluentPlatformExample 2022-08-03T15:54:04Z logger.go:66:               + creationTimestamp          = (known after apply)
TestTerraformConfluentPlatformExample 2022-08-03T15:54:04Z logger.go:66:               + deletionGracePeriodSeconds = (known after apply)
TestTerraformConfluentPlatformExample 2022-08-03T15:54:04Z logger.go:66:               + deletionTimestamp          = (known after apply)
TestTerraformConfluentPlatformExample 2022-08-03T15:54:04Z logger.go:66:               + finalizers                 = (known after apply)
TestTerraformConfluentPlatformExample 2022-08-03T15:54:04Z logger.go:66:               + generateName               = (known after apply)
TestTerraformConfluentPlatformExample 2022-08-03T15:54:04Z logger.go:66:               + generation                 = (known after apply)
TestTerraformConfluentPlatformExample 2022-08-03T15:54:04Z logger.go:66:               + labels                     = (known after apply)
TestTerraformConfluentPlatformExample 2022-08-03T15:54:04Z logger.go:66:               + managedFields              = (known after apply)
TestTerraformConfluentPlatformExample 2022-08-03T15:54:04Z logger.go:66:               + name                       = "connect"
TestTerraformConfluentPlatformExample 2022-08-03T15:54:04Z logger.go:66:               + namespace                  = "confluent"
TestTerraformConfluentPlatformExample 2022-08-03T15:54:04Z logger.go:66:               + ownerReferences            = (known after apply)
TestTerraformConfluentPlatformExample 2022-08-03T15:54:04Z logger.go:66:               + resourceVersion            = (known after apply)
TestTerraformConfluentPlatformExample 2022-08-03T15:54:04Z logger.go:66:               + selfLink                   = (known after apply)
TestTerraformConfluentPlatformExample 2022-08-03T15:54:04Z logger.go:66:               + uid                        = (known after apply)
TestTerraformConfluentPlatformExample 2022-08-03T15:54:04Z logger.go:66:             }
TestTerraformConfluentPlatformExample 2022-08-03T15:54:04Z logger.go:66:           + spec       = {
TestTerraformConfluentPlatformExample 2022-08-03T15:54:04Z logger.go:66:               + authentication                 = {
TestTerraformConfluentPlatformExample 2022-08-03T15:54:04Z logger.go:66:                   + basic = {
TestTerraformConfluentPlatformExample 2022-08-03T15:54:04Z logger.go:66:                       + debug                    = (known after apply)
TestTerraformConfluentPlatformExample 2022-08-03T15:54:04Z logger.go:66:                       + directoryPathInContainer = (known after apply)
TestTerraformConfluentPlatformExample 2022-08-03T15:54:04Z logger.go:66:                       + restrictedRoles          = (known after apply)
TestTerraformConfluentPlatformExample 2022-08-03T15:54:04Z logger.go:66:                       + roles                    = (known after apply)
TestTerraformConfluentPlatformExample 2022-08-03T15:54:04Z logger.go:66:                       + secretRef                = (known after apply)
TestTerraformConfluentPlatformExample 2022-08-03T15:54:04Z logger.go:66:                     }
TestTerraformConfluentPlatformExample 2022-08-03T15:54:04Z logger.go:66:                   + type  = (known after apply)
TestTerraformConfluentPlatformExample 2022-08-03T15:54:04Z logger.go:66:                 }
TestTerraformConfluentPlatformExample 2022-08-03T15:54:04Z logger.go:66:               + authorization                  = {
TestTerraformConfluentPlatformExample 2022-08-03T15:54:04Z logger.go:66:                   + kafkaRestClassRef = {
TestTerraformConfluentPlatformExample 2022-08-03T15:54:04Z logger.go:66:                       + name      = (known after apply)
TestTerraformConfluentPlatformExample 2022-08-03T15:54:04Z logger.go:66:                       + namespace = (known after apply)
TestTerraformConfluentPlatformExample 2022-08-03T15:54:04Z logger.go:66:                     }
TestTerraformConfluentPlatformExample 2022-08-03T15:54:04Z logger.go:66:                   + type              = (known after apply)
TestTerraformConfluentPlatformExample 2022-08-03T15:54:04Z logger.go:66:                 }
TestTerraformConfluentPlatformExample 2022-08-03T15:54:04Z logger.go:66:               + build                          = {
TestTerraformConfluentPlatformExample 2022-08-03T15:54:04Z logger.go:66:                   + onDemand = {
TestTerraformConfluentPlatformExample 2022-08-03T15:54:04Z logger.go:66:                       + plugins      = {
TestTerraformConfluentPlatformExample 2022-08-03T15:54:04Z logger.go:66:                           + confluentHub = (known after apply)
TestTerraformConfluentPlatformExample 2022-08-03T15:54:04Z logger.go:66:                           + locationType = (known after apply)
TestTerraformConfluentPlatformExample 2022-08-03T15:54:04Z logger.go:66:                           + url          = (known after apply)
TestTerraformConfluentPlatformExample 2022-08-03T15:54:04Z logger.go:66:                         }
TestTerraformConfluentPlatformExample 2022-08-03T15:54:04Z logger.go:66:                       + storageLimit = (known after apply)
TestTerraformConfluentPlatformExample 2022-08-03T15:54:04Z logger.go:66:                     }
TestTerraformConfluentPlatformExample 2022-08-03T15:54:04Z logger.go:66:                   + type     = (known after apply)
TestTerraformConfluentPlatformExample 2022-08-03T15:54:04Z logger.go:66:                 }
TestTerraformConfluentPlatformExample 2022-08-03T15:54:04Z logger.go:66:               + configOverrides                = {
TestTerraformConfluentPlatformExample 2022-08-03T15:54:04Z logger.go:66:                   + jvm    = (known after apply)
TestTerraformConfluentPlatformExample 2022-08-03T15:54:04Z logger.go:66:                   + log4j  = (known after apply)
TestTerraformConfluentPlatformExample 2022-08-03T15:54:04Z logger.go:66:                   + server = (known after apply)
TestTerraformConfluentPlatformExample 2022-08-03T15:54:04Z logger.go:66:                 }
TestTerraformConfluentPlatformExample 2022-08-03T15:54:04Z logger.go:66:               + connectorOverridePolicy        = (known after apply)
TestTerraformConfluentPlatformExample 2022-08-03T15:54:04Z logger.go:66:               + connectorTLSCerts              = (known after apply)
TestTerraformConfluentPlatformExample 2022-08-03T15:54:04Z logger.go:66:               + dependencies                   = {
TestTerraformConfluentPlatformExample 2022-08-03T15:54:04Z logger.go:66:                   + admin          = {
TestTerraformConfluentPlatformExample 2022-08-03T15:54:04Z logger.go:66:                       + authentication    = {
TestTerraformConfluentPlatformExample 2022-08-03T15:54:04Z logger.go:66:                           + jaasConfig            = {
TestTerraformConfluentPlatformExample 2022-08-03T15:54:04Z logger.go:66:                               + secretRef = (known after apply)
TestTerraformConfluentPlatformExample 2022-08-03T15:54:04Z logger.go:66:                             }
TestTerraformConfluentPlatformExample 2022-08-03T15:54:04Z logger.go:66:                           + jaasConfigPassThrough = {
TestTerraformConfluentPlatformExample 2022-08-03T15:54:04Z logger.go:66:                               + directoryPathInContainer = (known after apply)
TestTerraformConfluentPlatformExample 2022-08-03T15:54:04Z logger.go:66:                               + secretRef                = (known after apply)
TestTerraformConfluentPlatformExample 2022-08-03T15:54:04Z logger.go:66:                             }
TestTerraformConfluentPlatformExample 2022-08-03T15:54:04Z logger.go:66:                           + oauthbearer           = {
TestTerraformConfluentPlatformExample 2022-08-03T15:54:04Z logger.go:66:                               + directoryPathInContainer = (known after apply)
TestTerraformConfluentPlatformExample 2022-08-03T15:54:04Z logger.go:66:                               + secretRef                = (known after apply)
TestTerraformConfluentPlatformExample 2022-08-03T15:54:04Z logger.go:66:                             }
TestTerraformConfluentPlatformExample 2022-08-03T15:54:04Z logger.go:66:                           + type                  = (known after apply)
TestTerraformConfluentPlatformExample 2022-08-03T15:54:04Z logger.go:66:                         }
TestTerraformConfluentPlatformExample 2022-08-03T15:54:04Z logger.go:66:                       + bootstrapEndpoint = (known after apply)
TestTerraformConfluentPlatformExample 2022-08-03T15:54:04Z logger.go:66:                       + discovery         = {
TestTerraformConfluentPlatformExample 2022-08-03T15:54:04Z logger.go:66:                           + name      = (known after apply)
TestTerraformConfluentPlatformExample 2022-08-03T15:54:04Z logger.go:66:                           + namespace = (known after apply)
TestTerraformConfluentPlatformExample 2022-08-03T15:54:04Z logger.go:66:                           + secretRef = (known after apply)
TestTerraformConfluentPlatformExample 2022-08-03T15:54:04Z logger.go:66:                         }
TestTerraformConfluentPlatformExample 2022-08-03T15:54:04Z logger.go:66:                       + tls               = {
TestTerraformConfluentPlatformExample 2022-08-03T15:54:04Z logger.go:66:                           + directoryPathInContainer = (known after apply)
TestTerraformConfluentPlatformExample 2022-08-03T15:54:04Z logger.go:66:                           + enabled                  = (known after apply)
TestTerraformConfluentPlatformExample 2022-08-03T15:54:04Z logger.go:66:                           + ignoreTrustStoreConfig   = (known after apply)
TestTerraformConfluentPlatformExample 2022-08-03T15:54:04Z logger.go:66:                           + jksPassword              = {
TestTerraformConfluentPlatformExample 2022-08-03T15:54:04Z logger.go:66:                               + secretRef = (known after apply)
TestTerraformConfluentPlatformExample 2022-08-03T15:54:04Z logger.go:66:                             }
TestTerraformConfluentPlatformExample 2022-08-03T15:54:04Z logger.go:66:                           + secretRef                = (known after apply)
TestTerraformConfluentPlatformExample 2022-08-03T15:54:04Z logger.go:66:                         }
TestTerraformConfluentPlatformExample 2022-08-03T15:54:04Z logger.go:66:                     }
TestTerraformConfluentPlatformExample 2022-08-03T15:54:04Z logger.go:66:                   + consumer       = {
TestTerraformConfluentPlatformExample 2022-08-03T15:54:04Z logger.go:66:                       + authentication    = {
TestTerraformConfluentPlatformExample 2022-08-03T15:54:04Z logger.go:66:                           + jaasConfig            = {
TestTerraformConfluentPlatformExample 2022-08-03T15:54:04Z logger.go:66:                               + secretRef = (known after apply)
TestTerraformConfluentPlatformExample 2022-08-03T15:54:04Z logger.go:66:                             }
TestTerraformConfluentPlatformExample 2022-08-03T15:54:04Z logger.go:66:                           + jaasConfigPassThrough = {
TestTerraformConfluentPlatformExample 2022-08-03T15:54:04Z logger.go:66:                               + directoryPathInContainer = (known after apply)
TestTerraformConfluentPlatformExample 2022-08-03T15:54:04Z logger.go:66:                               + secretRef                = (known after apply)
TestTerraformConfluentPlatformExample 2022-08-03T15:54:04Z logger.go:66:                             }
TestTerraformConfluentPlatformExample 2022-08-03T15:54:04Z logger.go:66:                           + oauthbearer           = {
TestTerraformConfluentPlatformExample 2022-08-03T15:54:04Z logger.go:66:                               + directoryPathInContainer = (known after apply)
TestTerraformConfluentPlatformExample 2022-08-03T15:54:04Z logger.go:66:                               + secretRef                = (known after apply)
TestTerraformConfluentPlatformExample 2022-08-03T15:54:04Z logger.go:66:                             }
TestTerraformConfluentPlatformExample 2022-08-03T15:54:04Z logger.go:66:                           + type                  = (known after apply)
TestTerraformConfluentPlatformExample 2022-08-03T15:54:04Z logger.go:66:                         }
TestTerraformConfluentPlatformExample 2022-08-03T15:54:04Z logger.go:66:                       + bootstrapEndpoint = (known after apply)
TestTerraformConfluentPlatformExample 2022-08-03T15:54:04Z logger.go:66:                       + discovery         = {
TestTerraformConfluentPlatformExample 2022-08-03T15:54:04Z logger.go:66:                           + name      = (known after apply)
TestTerraformConfluentPlatformExample 2022-08-03T15:54:04Z logger.go:66:                           + namespace = (known after apply)
TestTerraformConfluentPlatformExample 2022-08-03T15:54:04Z logger.go:66:                           + secretRef = (known after apply)
TestTerraformConfluentPlatformExample 2022-08-03T15:54:04Z logger.go:66:                         }
TestTerraformConfluentPlatformExample 2022-08-03T15:54:04Z logger.go:66:                       + tls               = {
TestTerraformConfluentPlatformExample 2022-08-03T15:54:04Z logger.go:66:                           + directoryPathInContainer = (known after apply)
TestTerraformConfluentPlatformExample 2022-08-03T15:54:04Z logger.go:66:                           + enabled                  = (known after apply)
TestTerraformConfluentPlatformExample 2022-08-03T15:54:04Z logger.go:66:                           + ignoreTrustStoreConfig   = (known after apply)
TestTerraformConfluentPlatformExample 2022-08-03T15:54:04Z logger.go:66:                           + jksPassword              = {
TestTerraformConfluentPlatformExample 2022-08-03T15:54:04Z logger.go:66:                               + secretRef = (known after apply)
TestTerraformConfluentPlatformExample 2022-08-03T15:54:04Z logger.go:66:                             }
TestTerraformConfluentPlatformExample 2022-08-03T15:54:04Z logger.go:66:                           + secretRef                = (known after apply)
TestTerraformConfluentPlatformExample 2022-08-03T15:54:04Z logger.go:66:                         }
TestTerraformConfluentPlatformExample 2022-08-03T15:54:04Z logger.go:66:                     }
TestTerraformConfluentPlatformExample 2022-08-03T15:54:04Z logger.go:66:                   + interceptor    = {
TestTerraformConfluentPlatformExample 2022-08-03T15:54:04Z logger.go:66:                       + configs   = (known after apply)
TestTerraformConfluentPlatformExample 2022-08-03T15:54:04Z logger.go:66:                       + consumer  = {
TestTerraformConfluentPlatformExample 2022-08-03T15:54:04Z logger.go:66:                           + authentication    = {
TestTerraformConfluentPlatformExample 2022-08-03T15:54:04Z logger.go:66:                               + jaasConfig            = {
TestTerraformConfluentPlatformExample 2022-08-03T15:54:04Z logger.go:66:                                   + secretRef = (known after apply)
TestTerraformConfluentPlatformExample 2022-08-03T15:54:04Z logger.go:66:                                 }
TestTerraformConfluentPlatformExample 2022-08-03T15:54:04Z logger.go:66:                               + jaasConfigPassThrough = {
TestTerraformConfluentPlatformExample 2022-08-03T15:54:04Z logger.go:66:                                   + directoryPathInContainer = (known after apply)
TestTerraformConfluentPlatformExample 2022-08-03T15:54:04Z logger.go:66:                                   + secretRef                = (known after apply)
TestTerraformConfluentPlatformExample 2022-08-03T15:54:04Z logger.go:66:                                 }
TestTerraformConfluentPlatformExample 2022-08-03T15:54:04Z logger.go:66:                               + oauthbearer           = {
TestTerraformConfluentPlatformExample 2022-08-03T15:54:04Z logger.go:66:                                   + directoryPathInContainer = (known after apply)
TestTerraformConfluentPlatformExample 2022-08-03T15:54:04Z logger.go:66:                                   + secretRef                = (known after apply)
TestTerraformConfluentPlatformExample 2022-08-03T15:54:04Z logger.go:66:                                 }
TestTerraformConfluentPlatformExample 2022-08-03T15:54:04Z logger.go:66:                               + type                  = (known after apply)
TestTerraformConfluentPlatformExample 2022-08-03T15:54:04Z logger.go:66:                             }
TestTerraformConfluentPlatformExample 2022-08-03T15:54:04Z logger.go:66:                           + bootstrapEndpoint = (known after apply)
TestTerraformConfluentPlatformExample 2022-08-03T15:54:04Z logger.go:66:                           + discovery         = {
TestTerraformConfluentPlatformExample 2022-08-03T15:54:04Z logger.go:66:                               + name      = (known after apply)
TestTerraformConfluentPlatformExample 2022-08-03T15:54:04Z logger.go:66:                               + namespace = (known after apply)
TestTerraformConfluentPlatformExample 2022-08-03T15:54:04Z logger.go:66:                               + secretRef = (known after apply)
TestTerraformConfluentPlatformExample 2022-08-03T15:54:04Z logger.go:66:                             }
TestTerraformConfluentPlatformExample 2022-08-03T15:54:04Z logger.go:66:                           + tls               = {
TestTerraformConfluentPlatformExample 2022-08-03T15:54:04Z logger.go:66:                               + directoryPathInContainer = (known after apply)
TestTerraformConfluentPlatformExample 2022-08-03T15:54:04Z logger.go:66:                               + enabled                  = (known after apply)
TestTerraformConfluentPlatformExample 2022-08-03T15:54:04Z logger.go:66:                               + ignoreTrustStoreConfig   = (known after apply)
TestTerraformConfluentPlatformExample 2022-08-03T15:54:04Z logger.go:66:                               + jksPassword              = {
TestTerraformConfluentPlatformExample 2022-08-03T15:54:04Z logger.go:66:                                   + secretRef = (known after apply)
TestTerraformConfluentPlatformExample 2022-08-03T15:54:04Z logger.go:66:                                 }
TestTerraformConfluentPlatformExample 2022-08-03T15:54:04Z logger.go:66:                               + secretRef                = (known after apply)
TestTerraformConfluentPlatformExample 2022-08-03T15:54:04Z logger.go:66:                             }
TestTerraformConfluentPlatformExample 2022-08-03T15:54:04Z logger.go:66:                         }
TestTerraformConfluentPlatformExample 2022-08-03T15:54:04Z logger.go:66:                       + enabled   = (known after apply)
TestTerraformConfluentPlatformExample 2022-08-03T15:54:04Z logger.go:66:                       + producer  = {
TestTerraformConfluentPlatformExample 2022-08-03T15:54:04Z logger.go:66:                           + authentication    = {
TestTerraformConfluentPlatformExample 2022-08-03T15:54:04Z logger.go:66:                               + jaasConfig            = {
TestTerraformConfluentPlatformExample 2022-08-03T15:54:04Z logger.go:66:                                   + secretRef = (known after apply)
TestTerraformConfluentPlatformExample 2022-08-03T15:54:04Z logger.go:66:                                 }
TestTerraformConfluentPlatformExample 2022-08-03T15:54:04Z logger.go:66:                               + jaasConfigPassThrough = {
TestTerraformConfluentPlatformExample 2022-08-03T15:54:04Z logger.go:66:                                   + directoryPathInContainer = (known after apply)
TestTerraformConfluentPlatformExample 2022-08-03T15:54:04Z logger.go:66:                                   + secretRef                = (known after apply)
TestTerraformConfluentPlatformExample 2022-08-03T15:54:04Z logger.go:66:                                 }
TestTerraformConfluentPlatformExample 2022-08-03T15:54:04Z logger.go:66:                               + oauthbearer           = {
TestTerraformConfluentPlatformExample 2022-08-03T15:54:04Z logger.go:66:                                   + directoryPathInContainer = (known after apply)
TestTerraformConfluentPlatformExample 2022-08-03T15:54:04Z logger.go:66:                                   + secretRef                = (known after apply)
TestTerraformConfluentPlatformExample 2022-08-03T15:54:04Z logger.go:66:                                 }
TestTerraformConfluentPlatformExample 2022-08-03T15:54:04Z logger.go:66:                               + type                  = (known after apply)
TestTerraformConfluentPlatformExample 2022-08-03T15:54:04Z logger.go:66:                             }
TestTerraformConfluentPlatformExample 2022-08-03T15:54:04Z logger.go:66:                           + bootstrapEndpoint = (known after apply)
TestTerraformConfluentPlatformExample 2022-08-03T15:54:04Z logger.go:66:                           + discovery         = {
TestTerraformConfluentPlatformExample 2022-08-03T15:54:04Z logger.go:66:                               + name      = (known after apply)
TestTerraformConfluentPlatformExample 2022-08-03T15:54:04Z logger.go:66:                               + namespace = (known after apply)
TestTerraformConfluentPlatformExample 2022-08-03T15:54:04Z logger.go:66:                               + secretRef = (known after apply)
TestTerraformConfluentPlatformExample 2022-08-03T15:54:04Z logger.go:66:                             }
TestTerraformConfluentPlatformExample 2022-08-03T15:54:04Z logger.go:66:                           + tls               = {
TestTerraformConfluentPlatformExample 2022-08-03T15:54:04Z logger.go:66:                               + directoryPathInContainer = (known after apply)
TestTerraformConfluentPlatformExample 2022-08-03T15:54:04Z logger.go:66:                               + enabled                  = (known after apply)
TestTerraformConfluentPlatformExample 2022-08-03T15:54:04Z logger.go:66:                               + ignoreTrustStoreConfig   = (known after apply)
TestTerraformConfluentPlatformExample 2022-08-03T15:54:04Z logger.go:66:                               + jksPassword              = {
TestTerraformConfluentPlatformExample 2022-08-03T15:54:04Z logger.go:66:                                   + secretRef = (known after apply)
TestTerraformConfluentPlatformExample 2022-08-03T15:54:04Z logger.go:66:                                 }
TestTerraformConfluentPlatformExample 2022-08-03T15:54:04Z logger.go:66:                               + secretRef                = (known after apply)
TestTerraformConfluentPlatformExample 2022-08-03T15:54:04Z logger.go:66:                             }
TestTerraformConfluentPlatformExample 2022-08-03T15:54:04Z logger.go:66:                         }
TestTerraformConfluentPlatformExample 2022-08-03T15:54:04Z logger.go:66:                       + publishMs = (known after apply)
TestTerraformConfluentPlatformExample 2022-08-03T15:54:04Z logger.go:66:                     }
TestTerraformConfluentPlatformExample 2022-08-03T15:54:04Z logger.go:66:                   + kafka          = {
TestTerraformConfluentPlatformExample 2022-08-03T15:54:04Z logger.go:66:                       + authentication    = {
TestTerraformConfluentPlatformExample 2022-08-03T15:54:04Z logger.go:66:                           + jaasConfig            = {
TestTerraformConfluentPlatformExample 2022-08-03T15:54:04Z logger.go:66:                               + secretRef = (known after apply)
TestTerraformConfluentPlatformExample 2022-08-03T15:54:04Z logger.go:66:                             }
TestTerraformConfluentPlatformExample 2022-08-03T15:54:04Z logger.go:66:                           + jaasConfigPassThrough = {
TestTerraformConfluentPlatformExample 2022-08-03T15:54:04Z logger.go:66:                               + directoryPathInContainer = (known after apply)
TestTerraformConfluentPlatformExample 2022-08-03T15:54:04Z logger.go:66:                               + secretRef                = (known after apply)
TestTerraformConfluentPlatformExample 2022-08-03T15:54:04Z logger.go:66:                             }
TestTerraformConfluentPlatformExample 2022-08-03T15:54:04Z logger.go:66:                           + oauthbearer           = {
TestTerraformConfluentPlatformExample 2022-08-03T15:54:04Z logger.go:66:                               + directoryPathInContainer = (known after apply)
TestTerraformConfluentPlatformExample 2022-08-03T15:54:04Z logger.go:66:                               + secretRef                = (known after apply)
TestTerraformConfluentPlatformExample 2022-08-03T15:54:04Z logger.go:66:                             }
TestTerraformConfluentPlatformExample 2022-08-03T15:54:04Z logger.go:66:                           + type                  = (known after apply)
TestTerraformConfluentPlatformExample 2022-08-03T15:54:04Z logger.go:66:                         }
TestTerraformConfluentPlatformExample 2022-08-03T15:54:04Z logger.go:66:                       + bootstrapEndpoint = "kafka:9071"
TestTerraformConfluentPlatformExample 2022-08-03T15:54:04Z logger.go:66:                       + discovery         = {
TestTerraformConfluentPlatformExample 2022-08-03T15:54:04Z logger.go:66:                           + name      = (known after apply)
TestTerraformConfluentPlatformExample 2022-08-03T15:54:04Z logger.go:66:                           + namespace = (known after apply)
TestTerraformConfluentPlatformExample 2022-08-03T15:54:04Z logger.go:66:                           + secretRef = (known after apply)
TestTerraformConfluentPlatformExample 2022-08-03T15:54:04Z logger.go:66:                         }
TestTerraformConfluentPlatformExample 2022-08-03T15:54:04Z logger.go:66:                       + tls               = {
TestTerraformConfluentPlatformExample 2022-08-03T15:54:04Z logger.go:66:                           + directoryPathInContainer = (known after apply)
TestTerraformConfluentPlatformExample 2022-08-03T15:54:04Z logger.go:66:                           + enabled                  = (known after apply)
TestTerraformConfluentPlatformExample 2022-08-03T15:54:04Z logger.go:66:                           + ignoreTrustStoreConfig   = (known after apply)
TestTerraformConfluentPlatformExample 2022-08-03T15:54:04Z logger.go:66:                           + jksPassword              = {
TestTerraformConfluentPlatformExample 2022-08-03T15:54:04Z logger.go:66:                               + secretRef = (known after apply)
TestTerraformConfluentPlatformExample 2022-08-03T15:54:04Z logger.go:66:                             }
TestTerraformConfluentPlatformExample 2022-08-03T15:54:04Z logger.go:66:                           + secretRef                = (known after apply)
TestTerraformConfluentPlatformExample 2022-08-03T15:54:04Z logger.go:66:                         }
TestTerraformConfluentPlatformExample 2022-08-03T15:54:04Z logger.go:66:                     }
TestTerraformConfluentPlatformExample 2022-08-03T15:54:04Z logger.go:66:                   + mds            = {
TestTerraformConfluentPlatformExample 2022-08-03T15:54:04Z logger.go:66:                       + authentication = {
TestTerraformConfluentPlatformExample 2022-08-03T15:54:04Z logger.go:66:                           + bearer = {
TestTerraformConfluentPlatformExample 2022-08-03T15:54:04Z logger.go:66:                               + directoryPathInContainer = (known after apply)
TestTerraformConfluentPlatformExample 2022-08-03T15:54:04Z logger.go:66:                               + secretRef                = (known after apply)
TestTerraformConfluentPlatformExample 2022-08-03T15:54:04Z logger.go:66:                             }
TestTerraformConfluentPlatformExample 2022-08-03T15:54:04Z logger.go:66:                           + type   = (known after apply)
TestTerraformConfluentPlatformExample 2022-08-03T15:54:04Z logger.go:66:                         }
TestTerraformConfluentPlatformExample 2022-08-03T15:54:04Z logger.go:66:                       + endpoint       = (known after apply)
TestTerraformConfluentPlatformExample 2022-08-03T15:54:04Z logger.go:66:                       + tls            = {
TestTerraformConfluentPlatformExample 2022-08-03T15:54:04Z logger.go:66:                           + directoryPathInContainer = (known after apply)
TestTerraformConfluentPlatformExample 2022-08-03T15:54:04Z logger.go:66:                           + enabled                  = (known after apply)
TestTerraformConfluentPlatformExample 2022-08-03T15:54:04Z logger.go:66:                           + ignoreTrustStoreConfig   = (known after apply)
TestTerraformConfluentPlatformExample 2022-08-03T15:54:04Z logger.go:66:                           + jksPassword              = {
TestTerraformConfluentPlatformExample 2022-08-03T15:54:04Z logger.go:66:                               + secretRef = (known after apply)
TestTerraformConfluentPlatformExample 2022-08-03T15:54:04Z logger.go:66:                             }
TestTerraformConfluentPlatformExample 2022-08-03T15:54:04Z logger.go:66:                           + secretRef                = (known after apply)
TestTerraformConfluentPlatformExample 2022-08-03T15:54:04Z logger.go:66:                         }
TestTerraformConfluentPlatformExample 2022-08-03T15:54:04Z logger.go:66:                       + tokenKeyPair   = {
TestTerraformConfluentPlatformExample 2022-08-03T15:54:04Z logger.go:66:                           + directoryPathInContainer = (known after apply)
TestTerraformConfluentPlatformExample 2022-08-03T15:54:04Z logger.go:66:                           + secretRef                = (known after apply)
TestTerraformConfluentPlatformExample 2022-08-03T15:54:04Z logger.go:66:                         }
TestTerraformConfluentPlatformExample 2022-08-03T15:54:04Z logger.go:66:                     }
TestTerraformConfluentPlatformExample 2022-08-03T15:54:04Z logger.go:66:                   + producer       = {
TestTerraformConfluentPlatformExample 2022-08-03T15:54:04Z logger.go:66:                       + authentication    = {
TestTerraformConfluentPlatformExample 2022-08-03T15:54:04Z logger.go:66:                           + jaasConfig            = {
TestTerraformConfluentPlatformExample 2022-08-03T15:54:04Z logger.go:66:                               + secretRef = (known after apply)
TestTerraformConfluentPlatformExample 2022-08-03T15:54:04Z logger.go:66:                             }
TestTerraformConfluentPlatformExample 2022-08-03T15:54:04Z logger.go:66:                           + jaasConfigPassThrough = {
TestTerraformConfluentPlatformExample 2022-08-03T15:54:04Z logger.go:66:                               + directoryPathInContainer = (known after apply)
TestTerraformConfluentPlatformExample 2022-08-03T15:54:04Z logger.go:66:                               + secretRef                = (known after apply)
TestTerraformConfluentPlatformExample 2022-08-03T15:54:04Z logger.go:66:                             }
TestTerraformConfluentPlatformExample 2022-08-03T15:54:04Z logger.go:66:                           + oauthbearer           = {
TestTerraformConfluentPlatformExample 2022-08-03T15:54:04Z logger.go:66:                               + directoryPathInContainer = (known after apply)
TestTerraformConfluentPlatformExample 2022-08-03T15:54:04Z logger.go:66:                               + secretRef                = (known after apply)
TestTerraformConfluentPlatformExample 2022-08-03T15:54:04Z logger.go:66:                             }
TestTerraformConfluentPlatformExample 2022-08-03T15:54:04Z logger.go:66:                           + type                  = (known after apply)
TestTerraformConfluentPlatformExample 2022-08-03T15:54:04Z logger.go:66:                         }
TestTerraformConfluentPlatformExample 2022-08-03T15:54:04Z logger.go:66:                       + bootstrapEndpoint = (known after apply)
TestTerraformConfluentPlatformExample 2022-08-03T15:54:04Z logger.go:66:                       + discovery         = {
TestTerraformConfluentPlatformExample 2022-08-03T15:54:04Z logger.go:66:                           + name      = (known after apply)
TestTerraformConfluentPlatformExample 2022-08-03T15:54:04Z logger.go:66:                           + namespace = (known after apply)
TestTerraformConfluentPlatformExample 2022-08-03T15:54:04Z logger.go:66:                           + secretRef = (known after apply)
TestTerraformConfluentPlatformExample 2022-08-03T15:54:04Z logger.go:66:                         }
TestTerraformConfluentPlatformExample 2022-08-03T15:54:04Z logger.go:66:                       + tls               = {
TestTerraformConfluentPlatformExample 2022-08-03T15:54:04Z logger.go:66:                           + directoryPathInContainer = (known after apply)
TestTerraformConfluentPlatformExample 2022-08-03T15:54:04Z logger.go:66:                           + enabled                  = (known after apply)
TestTerraformConfluentPlatformExample 2022-08-03T15:54:04Z logger.go:66:                           + ignoreTrustStoreConfig   = (known after apply)
TestTerraformConfluentPlatformExample 2022-08-03T15:54:04Z logger.go:66:                           + jksPassword              = {
TestTerraformConfluentPlatformExample 2022-08-03T15:54:04Z logger.go:66:                               + secretRef = (known after apply)
TestTerraformConfluentPlatformExample 2022-08-03T15:54:04Z logger.go:66:                             }
TestTerraformConfluentPlatformExample 2022-08-03T15:54:04Z logger.go:66:                           + secretRef                = (known after apply)
TestTerraformConfluentPlatformExample 2022-08-03T15:54:04Z logger.go:66:                         }
TestTerraformConfluentPlatformExample 2022-08-03T15:54:04Z logger.go:66:                     }
TestTerraformConfluentPlatformExample 2022-08-03T15:54:04Z logger.go:66:                   + schemaRegistry = {
TestTerraformConfluentPlatformExample 2022-08-03T15:54:04Z logger.go:66:                       + authentication = {
TestTerraformConfluentPlatformExample 2022-08-03T15:54:04Z logger.go:66:                           + basic = {
TestTerraformConfluentPlatformExample 2022-08-03T15:54:04Z logger.go:66:                               + debug                    = (known after apply)
TestTerraformConfluentPlatformExample 2022-08-03T15:54:04Z logger.go:66:                               + directoryPathInContainer = (known after apply)
TestTerraformConfluentPlatformExample 2022-08-03T15:54:04Z logger.go:66:                               + restrictedRoles          = (known after apply)
TestTerraformConfluentPlatformExample 2022-08-03T15:54:04Z logger.go:66:                               + roles                    = (known after apply)
TestTerraformConfluentPlatformExample 2022-08-03T15:54:04Z logger.go:66:                               + secretRef                = (known after apply)
TestTerraformConfluentPlatformExample 2022-08-03T15:54:04Z logger.go:66:                             }
TestTerraformConfluentPlatformExample 2022-08-03T15:54:04Z logger.go:66:                           + type  = (known after apply)
TestTerraformConfluentPlatformExample 2022-08-03T15:54:04Z logger.go:66:                         }
TestTerraformConfluentPlatformExample 2022-08-03T15:54:04Z logger.go:66:                       + tls            = {
TestTerraformConfluentPlatformExample 2022-08-03T15:54:04Z logger.go:66:                           + directoryPathInContainer = (known after apply)
TestTerraformConfluentPlatformExample 2022-08-03T15:54:04Z logger.go:66:                           + enabled                  = (known after apply)
TestTerraformConfluentPlatformExample 2022-08-03T15:54:04Z logger.go:66:                           + ignoreTrustStoreConfig   = (known after apply)
TestTerraformConfluentPlatformExample 2022-08-03T15:54:04Z logger.go:66:                           + jksPassword              = {
TestTerraformConfluentPlatformExample 2022-08-03T15:54:04Z logger.go:66:                               + secretRef = (known after apply)
TestTerraformConfluentPlatformExample 2022-08-03T15:54:04Z logger.go:66:                             }
TestTerraformConfluentPlatformExample 2022-08-03T15:54:04Z logger.go:66:                           + secretRef                = (known after apply)
TestTerraformConfluentPlatformExample 2022-08-03T15:54:04Z logger.go:66:                         }
TestTerraformConfluentPlatformExample 2022-08-03T15:54:04Z logger.go:66:                       + url            = (known after apply)
TestTerraformConfluentPlatformExample 2022-08-03T15:54:04Z logger.go:66:                     }
TestTerraformConfluentPlatformExample 2022-08-03T15:54:04Z logger.go:66:                 }
TestTerraformConfluentPlatformExample 2022-08-03T15:54:04Z logger.go:66:               + enableSchemas                  = (known after apply)
TestTerraformConfluentPlatformExample 2022-08-03T15:54:04Z logger.go:66:               + externalAccess                 = {
TestTerraformConfluentPlatformExample 2022-08-03T15:54:04Z logger.go:66:                   + loadBalancer = {
TestTerraformConfluentPlatformExample 2022-08-03T15:54:04Z logger.go:66:                       + advertisedURL            = {
TestTerraformConfluentPlatformExample 2022-08-03T15:54:04Z logger.go:66:                           + enabled = (known after apply)
TestTerraformConfluentPlatformExample 2022-08-03T15:54:04Z logger.go:66:                           + prefix  = (known after apply)
TestTerraformConfluentPlatformExample 2022-08-03T15:54:04Z logger.go:66:                         }
TestTerraformConfluentPlatformExample 2022-08-03T15:54:04Z logger.go:66:                       + annotations              = (known after apply)
TestTerraformConfluentPlatformExample 2022-08-03T15:54:04Z logger.go:66:                       + domain                   = (known after apply)
TestTerraformConfluentPlatformExample 2022-08-03T15:54:04Z logger.go:66:                       + externalTrafficPolicy    = (known after apply)
TestTerraformConfluentPlatformExample 2022-08-03T15:54:04Z logger.go:66:                       + labels                   = (known after apply)
TestTerraformConfluentPlatformExample 2022-08-03T15:54:04Z logger.go:66:                       + loadBalancerSourceRanges = (known after apply)
TestTerraformConfluentPlatformExample 2022-08-03T15:54:04Z logger.go:66:                       + port                     = (known after apply)
TestTerraformConfluentPlatformExample 2022-08-03T15:54:04Z logger.go:66:                       + prefix                   = (known after apply)
TestTerraformConfluentPlatformExample 2022-08-03T15:54:04Z logger.go:66:                       + servicePorts             = (known after apply)
TestTerraformConfluentPlatformExample 2022-08-03T15:54:04Z logger.go:66:                       + sessionAffinity          = (known after apply)
TestTerraformConfluentPlatformExample 2022-08-03T15:54:04Z logger.go:66:                       + sessionAffinityConfig    = {
TestTerraformConfluentPlatformExample 2022-08-03T15:54:04Z logger.go:66:                           + clientIP = {
TestTerraformConfluentPlatformExample 2022-08-03T15:54:04Z logger.go:66:                               + timeoutSeconds = (known after apply)
TestTerraformConfluentPlatformExample 2022-08-03T15:54:04Z logger.go:66:                             }
TestTerraformConfluentPlatformExample 2022-08-03T15:54:04Z logger.go:66:                         }
TestTerraformConfluentPlatformExample 2022-08-03T15:54:04Z logger.go:66:                     }
TestTerraformConfluentPlatformExample 2022-08-03T15:54:04Z logger.go:66:                   + nodePort     = {
TestTerraformConfluentPlatformExample 2022-08-03T15:54:04Z logger.go:66:                       + advertisedURL         = {
TestTerraformConfluentPlatformExample 2022-08-03T15:54:04Z logger.go:66:                           + enabled = (known after apply)
TestTerraformConfluentPlatformExample 2022-08-03T15:54:04Z logger.go:66:                           + prefix  = (known after apply)
TestTerraformConfluentPlatformExample 2022-08-03T15:54:04Z logger.go:66:                         }
TestTerraformConfluentPlatformExample 2022-08-03T15:54:04Z logger.go:66:                       + annotations           = (known after apply)
TestTerraformConfluentPlatformExample 2022-08-03T15:54:04Z logger.go:66:                       + externalTrafficPolicy = (known after apply)
TestTerraformConfluentPlatformExample 2022-08-03T15:54:04Z logger.go:66:                       + host                  = (known after apply)
TestTerraformConfluentPlatformExample 2022-08-03T15:54:04Z logger.go:66:                       + labels                = (known after apply)
TestTerraformConfluentPlatformExample 2022-08-03T15:54:04Z logger.go:66:                       + nodePortOffset        = (known after apply)
TestTerraformConfluentPlatformExample 2022-08-03T15:54:04Z logger.go:66:                       + servicePorts          = (known after apply)
TestTerraformConfluentPlatformExample 2022-08-03T15:54:04Z logger.go:66:                       + sessionAffinity       = (known after apply)
TestTerraformConfluentPlatformExample 2022-08-03T15:54:04Z logger.go:66:                       + sessionAffinityConfig = {
TestTerraformConfluentPlatformExample 2022-08-03T15:54:04Z logger.go:66:                           + clientIP = {
TestTerraformConfluentPlatformExample 2022-08-03T15:54:04Z logger.go:66:                               + timeoutSeconds = (known after apply)
TestTerraformConfluentPlatformExample 2022-08-03T15:54:04Z logger.go:66:                             }
TestTerraformConfluentPlatformExample 2022-08-03T15:54:04Z logger.go:66:                         }
TestTerraformConfluentPlatformExample 2022-08-03T15:54:04Z logger.go:66:                     }
TestTerraformConfluentPlatformExample 2022-08-03T15:54:04Z logger.go:66:                   + route        = {
TestTerraformConfluentPlatformExample 2022-08-03T15:54:04Z logger.go:66:                       + annotations    = (known after apply)
TestTerraformConfluentPlatformExample 2022-08-03T15:54:04Z logger.go:66:                       + domain         = (known after apply)
TestTerraformConfluentPlatformExample 2022-08-03T15:54:04Z logger.go:66:                       + labels         = (known after apply)
TestTerraformConfluentPlatformExample 2022-08-03T15:54:04Z logger.go:66:                       + prefix         = (known after apply)
TestTerraformConfluentPlatformExample 2022-08-03T15:54:04Z logger.go:66:                       + wildcardPolicy = (known after apply)
TestTerraformConfluentPlatformExample 2022-08-03T15:54:04Z logger.go:66:                     }
TestTerraformConfluentPlatformExample 2022-08-03T15:54:04Z logger.go:66:                   + type         = (known after apply)
TestTerraformConfluentPlatformExample 2022-08-03T15:54:04Z logger.go:66:                 }
TestTerraformConfluentPlatformExample 2022-08-03T15:54:04Z logger.go:66:               + headlessService                = {
TestTerraformConfluentPlatformExample 2022-08-03T15:54:04Z logger.go:66:                   + annotations              = (known after apply)
TestTerraformConfluentPlatformExample 2022-08-03T15:54:04Z logger.go:66:                   + labels                   = (known after apply)
TestTerraformConfluentPlatformExample 2022-08-03T15:54:04Z logger.go:66:                   + publishNotReadyAddresses = (known after apply)
TestTerraformConfluentPlatformExample 2022-08-03T15:54:04Z logger.go:66:                 }
TestTerraformConfluentPlatformExample 2022-08-03T15:54:04Z logger.go:66:               + image                          = {
TestTerraformConfluentPlatformExample 2022-08-03T15:54:04Z logger.go:66:                   + application   = "confluentinc/cp-server-connect:7.2.0"
TestTerraformConfluentPlatformExample 2022-08-03T15:54:04Z logger.go:66:                   + init          = "confluentinc/confluent-init-container:2.4.0"
TestTerraformConfluentPlatformExample 2022-08-03T15:54:04Z logger.go:66:                   + pullPolicy    = (known after apply)
TestTerraformConfluentPlatformExample 2022-08-03T15:54:04Z logger.go:66:                   + pullSecretRef = (known after apply)
TestTerraformConfluentPlatformExample 2022-08-03T15:54:04Z logger.go:66:                 }
TestTerraformConfluentPlatformExample 2022-08-03T15:54:04Z logger.go:66:               + injectAnnotations              = (known after apply)
TestTerraformConfluentPlatformExample 2022-08-03T15:54:04Z logger.go:66:               + injectLabels                   = (known after apply)
TestTerraformConfluentPlatformExample 2022-08-03T15:54:04Z logger.go:66:               + internalTopicReplicationFactor = (known after apply)
TestTerraformConfluentPlatformExample 2022-08-03T15:54:04Z logger.go:66:               + k8sClusterDomain               = (known after apply)
TestTerraformConfluentPlatformExample 2022-08-03T15:54:04Z logger.go:66:               + keyConverterType               = (known after apply)
TestTerraformConfluentPlatformExample 2022-08-03T15:54:04Z logger.go:66:               + license                        = {
TestTerraformConfluentPlatformExample 2022-08-03T15:54:04Z logger.go:66:                   + directoryPathInContainer = (known after apply)
TestTerraformConfluentPlatformExample 2022-08-03T15:54:04Z logger.go:66:                   + globalLicense            = (known after apply)
TestTerraformConfluentPlatformExample 2022-08-03T15:54:04Z logger.go:66:                   + secretRef                = (known after apply)
TestTerraformConfluentPlatformExample 2022-08-03T15:54:04Z logger.go:66:                 }
TestTerraformConfluentPlatformExample 2022-08-03T15:54:04Z logger.go:66:               + metrics                        = {
TestTerraformConfluentPlatformExample 2022-08-03T15:54:04Z logger.go:66:                   + authentication = {
TestTerraformConfluentPlatformExample 2022-08-03T15:54:04Z logger.go:66:                       + type = (known after apply)
TestTerraformConfluentPlatformExample 2022-08-03T15:54:04Z logger.go:66:                     }
TestTerraformConfluentPlatformExample 2022-08-03T15:54:04Z logger.go:66:                   + prometheus     = {
TestTerraformConfluentPlatformExample 2022-08-03T15:54:04Z logger.go:66:                       + blacklist = (known after apply)
TestTerraformConfluentPlatformExample 2022-08-03T15:54:04Z logger.go:66:                       + rules     = (known after apply)
TestTerraformConfluentPlatformExample 2022-08-03T15:54:04Z logger.go:66:                       + whitelist = (known after apply)
TestTerraformConfluentPlatformExample 2022-08-03T15:54:04Z logger.go:66:                     }
TestTerraformConfluentPlatformExample 2022-08-03T15:54:04Z logger.go:66:                   + tls            = {
TestTerraformConfluentPlatformExample 2022-08-03T15:54:04Z logger.go:66:                       + directoryPathInContainer = (known after apply)
TestTerraformConfluentPlatformExample 2022-08-03T15:54:04Z logger.go:66:                       + enabled                  = (known after apply)
TestTerraformConfluentPlatformExample 2022-08-03T15:54:04Z logger.go:66:                       + ignoreTrustStoreConfig   = (known after apply)
TestTerraformConfluentPlatformExample 2022-08-03T15:54:04Z logger.go:66:                       + jksPassword              = {
TestTerraformConfluentPlatformExample 2022-08-03T15:54:04Z logger.go:66:                           + secretRef = (known after apply)
TestTerraformConfluentPlatformExample 2022-08-03T15:54:04Z logger.go:66:                         }
TestTerraformConfluentPlatformExample 2022-08-03T15:54:04Z logger.go:66:                       + secretRef                = (known after apply)
TestTerraformConfluentPlatformExample 2022-08-03T15:54:04Z logger.go:66:                     }
TestTerraformConfluentPlatformExample 2022-08-03T15:54:04Z logger.go:66:                 }
TestTerraformConfluentPlatformExample 2022-08-03T15:54:04Z logger.go:66:               + mountedSecrets                 = (known after apply)
TestTerraformConfluentPlatformExample 2022-08-03T15:54:04Z logger.go:66:               + mountedVolumes                 = {
TestTerraformConfluentPlatformExample 2022-08-03T15:54:04Z logger.go:66:                   + volumeMounts = (known after apply)
TestTerraformConfluentPlatformExample 2022-08-03T15:54:04Z logger.go:66:                   + volumes      = (known after apply)
TestTerraformConfluentPlatformExample 2022-08-03T15:54:04Z logger.go:66:                 }
TestTerraformConfluentPlatformExample 2022-08-03T15:54:04Z logger.go:66:               + oneReplicaPerNode              = (known after apply)
TestTerraformConfluentPlatformExample 2022-08-03T15:54:04Z logger.go:66:               + podTemplate                    = {
TestTerraformConfluentPlatformExample 2022-08-03T15:54:04Z logger.go:66:                   + affinity                      = {
TestTerraformConfluentPlatformExample 2022-08-03T15:54:04Z logger.go:66:                       + nodeAffinity    = {
TestTerraformConfluentPlatformExample 2022-08-03T15:54:04Z logger.go:66:                           + preferredDuringSchedulingIgnoredDuringExecution = (known after apply)
TestTerraformConfluentPlatformExample 2022-08-03T15:54:04Z logger.go:66:                           + requiredDuringSchedulingIgnoredDuringExecution  = {
TestTerraformConfluentPlatformExample 2022-08-03T15:54:04Z logger.go:66:                               + nodeSelectorTerms = (known after apply)
TestTerraformConfluentPlatformExample 2022-08-03T15:54:04Z logger.go:66:                             }
TestTerraformConfluentPlatformExample 2022-08-03T15:54:04Z logger.go:66:                         }
TestTerraformConfluentPlatformExample 2022-08-03T15:54:04Z logger.go:66:                       + podAffinity     = {
TestTerraformConfluentPlatformExample 2022-08-03T15:54:04Z logger.go:66:                           + preferredDuringSchedulingIgnoredDuringExecution = (known after apply)
TestTerraformConfluentPlatformExample 2022-08-03T15:54:04Z logger.go:66:                           + requiredDuringSchedulingIgnoredDuringExecution  = (known after apply)
TestTerraformConfluentPlatformExample 2022-08-03T15:54:04Z logger.go:66:                         }
TestTerraformConfluentPlatformExample 2022-08-03T15:54:04Z logger.go:66:                       + podAntiAffinity = {
TestTerraformConfluentPlatformExample 2022-08-03T15:54:04Z logger.go:66:                           + preferredDuringSchedulingIgnoredDuringExecution = (known after apply)
TestTerraformConfluentPlatformExample 2022-08-03T15:54:04Z logger.go:66:                           + requiredDuringSchedulingIgnoredDuringExecution  = (known after apply)
TestTerraformConfluentPlatformExample 2022-08-03T15:54:04Z logger.go:66:                         }
TestTerraformConfluentPlatformExample 2022-08-03T15:54:04Z logger.go:66:                     }
TestTerraformConfluentPlatformExample 2022-08-03T15:54:04Z logger.go:66:                   + annotations                   = (known after apply)
TestTerraformConfluentPlatformExample 2022-08-03T15:54:04Z logger.go:66:                   + envVars                       = (known after apply)
TestTerraformConfluentPlatformExample 2022-08-03T15:54:04Z logger.go:66:                   + labels                        = (known after apply)
TestTerraformConfluentPlatformExample 2022-08-03T15:54:04Z logger.go:66:                   + podSecurityContext            = {
TestTerraformConfluentPlatformExample 2022-08-03T15:54:04Z logger.go:66:                       + fsGroup             = (known after apply)
TestTerraformConfluentPlatformExample 2022-08-03T15:54:04Z logger.go:66:                       + fsGroupChangePolicy = (known after apply)
TestTerraformConfluentPlatformExample 2022-08-03T15:54:04Z logger.go:66:                       + runAsGroup          = (known after apply)
TestTerraformConfluentPlatformExample 2022-08-03T15:54:04Z logger.go:66:                       + runAsNonRoot        = (known after apply)
TestTerraformConfluentPlatformExample 2022-08-03T15:54:04Z logger.go:66:                       + runAsUser           = (known after apply)
TestTerraformConfluentPlatformExample 2022-08-03T15:54:04Z logger.go:66:                       + seLinuxOptions      = {
TestTerraformConfluentPlatformExample 2022-08-03T15:54:04Z logger.go:66:                           + level = (known after apply)
TestTerraformConfluentPlatformExample 2022-08-03T15:54:04Z logger.go:66:                           + role  = (known after apply)
TestTerraformConfluentPlatformExample 2022-08-03T15:54:04Z logger.go:66:                           + type  = (known after apply)
TestTerraformConfluentPlatformExample 2022-08-03T15:54:04Z logger.go:66:                           + user  = (known after apply)
TestTerraformConfluentPlatformExample 2022-08-03T15:54:04Z logger.go:66:                         }
TestTerraformConfluentPlatformExample 2022-08-03T15:54:04Z logger.go:66:                       + seccompProfile      = {
TestTerraformConfluentPlatformExample 2022-08-03T15:54:04Z logger.go:66:                           + localhostProfile = (known after apply)
TestTerraformConfluentPlatformExample 2022-08-03T15:54:04Z logger.go:66:                           + type             = (known after apply)
TestTerraformConfluentPlatformExample 2022-08-03T15:54:04Z logger.go:66:                         }
TestTerraformConfluentPlatformExample 2022-08-03T15:54:04Z logger.go:66:                       + supplementalGroups  = (known after apply)
TestTerraformConfluentPlatformExample 2022-08-03T15:54:04Z logger.go:66:                       + sysctls             = (known after apply)
TestTerraformConfluentPlatformExample 2022-08-03T15:54:04Z logger.go:66:                       + windowsOptions      = {
TestTerraformConfluentPlatformExample 2022-08-03T15:54:04Z logger.go:66:                           + gmsaCredentialSpec     = (known after apply)
TestTerraformConfluentPlatformExample 2022-08-03T15:54:04Z logger.go:66:                           + gmsaCredentialSpecName = (known after apply)
TestTerraformConfluentPlatformExample 2022-08-03T15:54:04Z logger.go:66:                           + hostProcess            = (known after apply)
TestTerraformConfluentPlatformExample 2022-08-03T15:54:04Z logger.go:66:                           + runAsUserName          = (known after apply)
TestTerraformConfluentPlatformExample 2022-08-03T15:54:04Z logger.go:66:                         }
TestTerraformConfluentPlatformExample 2022-08-03T15:54:04Z logger.go:66:                     }
TestTerraformConfluentPlatformExample 2022-08-03T15:54:04Z logger.go:66:                   + priorityClassName             = (known after apply)
TestTerraformConfluentPlatformExample 2022-08-03T15:54:04Z logger.go:66:                   + probe                         = {
TestTerraformConfluentPlatformExample 2022-08-03T15:54:04Z logger.go:66:                       + liveness  = {
TestTerraformConfluentPlatformExample 2022-08-03T15:54:04Z logger.go:66:                           + failureThreshold    = (known after apply)
TestTerraformConfluentPlatformExample 2022-08-03T15:54:04Z logger.go:66:                           + initialDelaySeconds = (known after apply)
TestTerraformConfluentPlatformExample 2022-08-03T15:54:04Z logger.go:66:                           + periodSeconds       = (known after apply)
TestTerraformConfluentPlatformExample 2022-08-03T15:54:04Z logger.go:66:                           + successThreshold    = (known after apply)
TestTerraformConfluentPlatformExample 2022-08-03T15:54:04Z logger.go:66:                           + timeoutSeconds      = (known after apply)
TestTerraformConfluentPlatformExample 2022-08-03T15:54:04Z logger.go:66:                         }
TestTerraformConfluentPlatformExample 2022-08-03T15:54:04Z logger.go:66:                       + readiness = {
TestTerraformConfluentPlatformExample 2022-08-03T15:54:04Z logger.go:66:                           + failureThreshold    = (known after apply)
TestTerraformConfluentPlatformExample 2022-08-03T15:54:04Z logger.go:66:                           + initialDelaySeconds = (known after apply)
TestTerraformConfluentPlatformExample 2022-08-03T15:54:04Z logger.go:66:                           + periodSeconds       = (known after apply)
TestTerraformConfluentPlatformExample 2022-08-03T15:54:04Z logger.go:66:                           + successThreshold    = (known after apply)
TestTerraformConfluentPlatformExample 2022-08-03T15:54:04Z logger.go:66:                           + timeoutSeconds      = (known after apply)
TestTerraformConfluentPlatformExample 2022-08-03T15:54:04Z logger.go:66:                         }
TestTerraformConfluentPlatformExample 2022-08-03T15:54:04Z logger.go:66:                     }
TestTerraformConfluentPlatformExample 2022-08-03T15:54:04Z logger.go:66:                   + resources                     = {
TestTerraformConfluentPlatformExample 2022-08-03T15:54:04Z logger.go:66:                       + limits   = (known after apply)
TestTerraformConfluentPlatformExample 2022-08-03T15:54:04Z logger.go:66:                       + requests = (known after apply)
TestTerraformConfluentPlatformExample 2022-08-03T15:54:04Z logger.go:66:                     }
TestTerraformConfluentPlatformExample 2022-08-03T15:54:04Z logger.go:66:                   + securityContext               = {
TestTerraformConfluentPlatformExample 2022-08-03T15:54:04Z logger.go:66:                       + allowPrivilegeEscalation = (known after apply)
TestTerraformConfluentPlatformExample 2022-08-03T15:54:04Z logger.go:66:                       + capabilities             = {
TestTerraformConfluentPlatformExample 2022-08-03T15:54:04Z logger.go:66:                           + add  = (known after apply)
TestTerraformConfluentPlatformExample 2022-08-03T15:54:04Z logger.go:66:                           + drop = (known after apply)
TestTerraformConfluentPlatformExample 2022-08-03T15:54:04Z logger.go:66:                         }
TestTerraformConfluentPlatformExample 2022-08-03T15:54:04Z logger.go:66:                       + privileged               = (known after apply)
TestTerraformConfluentPlatformExample 2022-08-03T15:54:04Z logger.go:66:                       + procMount                = (known after apply)
TestTerraformConfluentPlatformExample 2022-08-03T15:54:04Z logger.go:66:                       + readOnlyRootFilesystem   = (known after apply)
TestTerraformConfluentPlatformExample 2022-08-03T15:54:04Z logger.go:66:                       + runAsGroup               = (known after apply)
TestTerraformConfluentPlatformExample 2022-08-03T15:54:04Z logger.go:66:                       + runAsNonRoot             = (known after apply)
TestTerraformConfluentPlatformExample 2022-08-03T15:54:04Z logger.go:66:                       + runAsUser                = (known after apply)
TestTerraformConfluentPlatformExample 2022-08-03T15:54:04Z logger.go:66:                       + seLinuxOptions           = {
TestTerraformConfluentPlatformExample 2022-08-03T15:54:04Z logger.go:66:                           + level = (known after apply)
TestTerraformConfluentPlatformExample 2022-08-03T15:54:04Z logger.go:66:                           + role  = (known after apply)
TestTerraformConfluentPlatformExample 2022-08-03T15:54:04Z logger.go:66:                           + type  = (known after apply)
TestTerraformConfluentPlatformExample 2022-08-03T15:54:04Z logger.go:66:                           + user  = (known after apply)
TestTerraformConfluentPlatformExample 2022-08-03T15:54:04Z logger.go:66:                         }
TestTerraformConfluentPlatformExample 2022-08-03T15:54:04Z logger.go:66:                       + seccompProfile           = {
TestTerraformConfluentPlatformExample 2022-08-03T15:54:04Z logger.go:66:                           + localhostProfile = (known after apply)
TestTerraformConfluentPlatformExample 2022-08-03T15:54:04Z logger.go:66:                           + type             = (known after apply)
TestTerraformConfluentPlatformExample 2022-08-03T15:54:04Z logger.go:66:                         }
TestTerraformConfluentPlatformExample 2022-08-03T15:54:04Z logger.go:66:                       + windowsOptions           = {
TestTerraformConfluentPlatformExample 2022-08-03T15:54:04Z logger.go:66:                           + gmsaCredentialSpec     = (known after apply)
TestTerraformConfluentPlatformExample 2022-08-03T15:54:04Z logger.go:66:                           + gmsaCredentialSpecName = (known after apply)
TestTerraformConfluentPlatformExample 2022-08-03T15:54:04Z logger.go:66:                           + hostProcess            = (known after apply)
TestTerraformConfluentPlatformExample 2022-08-03T15:54:04Z logger.go:66:                           + runAsUserName          = (known after apply)
TestTerraformConfluentPlatformExample 2022-08-03T15:54:04Z logger.go:66:                         }
TestTerraformConfluentPlatformExample 2022-08-03T15:54:04Z logger.go:66:                     }
TestTerraformConfluentPlatformExample 2022-08-03T15:54:04Z logger.go:66:                   + serviceAccountName            = (known after apply)
TestTerraformConfluentPlatformExample 2022-08-03T15:54:04Z logger.go:66:                   + terminationGracePeriodSeconds = (known after apply)
TestTerraformConfluentPlatformExample 2022-08-03T15:54:04Z logger.go:66:                   + tolerations                   = (known after apply)
TestTerraformConfluentPlatformExample 2022-08-03T15:54:04Z logger.go:66:                   + topologySpreadConstraints     = (known after apply)
TestTerraformConfluentPlatformExample 2022-08-03T15:54:04Z logger.go:66:                 }
TestTerraformConfluentPlatformExample 2022-08-03T15:54:04Z logger.go:66:               + replicas                       = 1
TestTerraformConfluentPlatformExample 2022-08-03T15:54:04Z logger.go:66:               + telemetry                      = {
TestTerraformConfluentPlatformExample 2022-08-03T15:54:04Z logger.go:66:                   + global = (known after apply)
TestTerraformConfluentPlatformExample 2022-08-03T15:54:04Z logger.go:66:                 }
TestTerraformConfluentPlatformExample 2022-08-03T15:54:04Z logger.go:66:               + tls                            = {
TestTerraformConfluentPlatformExample 2022-08-03T15:54:04Z logger.go:66:                   + autoGeneratedCerts       = (known after apply)
TestTerraformConfluentPlatformExample 2022-08-03T15:54:04Z logger.go:66:                   + directoryPathInContainer = (known after apply)
TestTerraformConfluentPlatformExample 2022-08-03T15:54:04Z logger.go:66:                   + ignoreTrustStoreConfig   = (known after apply)
TestTerraformConfluentPlatformExample 2022-08-03T15:54:04Z logger.go:66:                   + jksPassword              = {
TestTerraformConfluentPlatformExample 2022-08-03T15:54:04Z logger.go:66:                       + secretRef = (known after apply)
TestTerraformConfluentPlatformExample 2022-08-03T15:54:04Z logger.go:66:                     }
TestTerraformConfluentPlatformExample 2022-08-03T15:54:04Z logger.go:66:                   + secretRef                = (known after apply)
TestTerraformConfluentPlatformExample 2022-08-03T15:54:04Z logger.go:66:                 }
TestTerraformConfluentPlatformExample 2022-08-03T15:54:04Z logger.go:66:               + valueConverterType             = (known after apply)
TestTerraformConfluentPlatformExample 2022-08-03T15:54:04Z logger.go:66:             }
TestTerraformConfluentPlatformExample 2022-08-03T15:54:04Z logger.go:66:         }
TestTerraformConfluentPlatformExample 2022-08-03T15:54:04Z logger.go:66:
TestTerraformConfluentPlatformExample 2022-08-03T15:54:04Z logger.go:66:       + timeouts {
TestTerraformConfluentPlatformExample 2022-08-03T15:54:04Z logger.go:66:           + create = "1h"
TestTerraformConfluentPlatformExample 2022-08-03T15:54:04Z logger.go:66:           + delete = "10m"
TestTerraformConfluentPlatformExample 2022-08-03T15:54:04Z logger.go:66:           + update = "1h"
TestTerraformConfluentPlatformExample 2022-08-03T15:54:04Z logger.go:66:         }
TestTerraformConfluentPlatformExample 2022-08-03T15:54:04Z logger.go:66:
TestTerraformConfluentPlatformExample 2022-08-03T15:54:04Z logger.go:66:       + wait {
TestTerraformConfluentPlatformExample 2022-08-03T15:54:04Z logger.go:66:           + fields = {
TestTerraformConfluentPlatformExample 2022-08-03T15:54:04Z logger.go:66:               + "status.phase" = "RUNNING"
TestTerraformConfluentPlatformExample 2022-08-03T15:54:04Z logger.go:66:             }
TestTerraformConfluentPlatformExample 2022-08-03T15:54:04Z logger.go:66:         }
TestTerraformConfluentPlatformExample 2022-08-03T15:54:04Z logger.go:66:     }
TestTerraformConfluentPlatformExample 2022-08-03T15:54:04Z logger.go:66:
TestTerraformConfluentPlatformExample 2022-08-03T15:54:04Z logger.go:66:   # module.confluent_platform.kubernetes_manifest.components["controlcenter"] will be created
TestTerraformConfluentPlatformExample 2022-08-03T15:54:04Z logger.go:66:   + resource "kubernetes_manifest" "components" {
TestTerraformConfluentPlatformExample 2022-08-03T15:54:04Z logger.go:66:       + computed_fields = [
TestTerraformConfluentPlatformExample 2022-08-03T15:54:04Z logger.go:66:           + "metadata.finalizers",
TestTerraformConfluentPlatformExample 2022-08-03T15:54:04Z logger.go:66:         ]
TestTerraformConfluentPlatformExample 2022-08-03T15:54:04Z logger.go:66:       + manifest        = {
TestTerraformConfluentPlatformExample 2022-08-03T15:54:04Z logger.go:66:           + apiVersion = "platform.confluent.io/v1beta1"
TestTerraformConfluentPlatformExample 2022-08-03T15:54:04Z logger.go:66:           + kind       = "ControlCenter"
TestTerraformConfluentPlatformExample 2022-08-03T15:54:04Z logger.go:66:           + metadata   = {
TestTerraformConfluentPlatformExample 2022-08-03T15:54:04Z logger.go:66:               + name      = "controlcenter"
TestTerraformConfluentPlatformExample 2022-08-03T15:54:04Z logger.go:66:               + namespace = "confluent"
TestTerraformConfluentPlatformExample 2022-08-03T15:54:04Z logger.go:66:             }
TestTerraformConfluentPlatformExample 2022-08-03T15:54:04Z logger.go:66:           + spec       = {
TestTerraformConfluentPlatformExample 2022-08-03T15:54:04Z logger.go:66:               + dataVolumeCapacity = "10Gi"
TestTerraformConfluentPlatformExample 2022-08-03T15:54:04Z logger.go:66:               + dependencies       = {
TestTerraformConfluentPlatformExample 2022-08-03T15:54:04Z logger.go:66:                   + connect        = [
TestTerraformConfluentPlatformExample 2022-08-03T15:54:04Z logger.go:66:                       + {
TestTerraformConfluentPlatformExample 2022-08-03T15:54:04Z logger.go:66:                           + name = "connect"
TestTerraformConfluentPlatformExample 2022-08-03T15:54:04Z logger.go:66:                           + url  = "http://connect.confluent.svc.cluster.local:8083"
TestTerraformConfluentPlatformExample 2022-08-03T15:54:04Z logger.go:66:                         },
TestTerraformConfluentPlatformExample 2022-08-03T15:54:04Z logger.go:66:                     ]
TestTerraformConfluentPlatformExample 2022-08-03T15:54:04Z logger.go:66:                   + ksqldb         = [
TestTerraformConfluentPlatformExample 2022-08-03T15:54:04Z logger.go:66:                       + {
TestTerraformConfluentPlatformExample 2022-08-03T15:54:04Z logger.go:66:                           + name = "ksqldb"
TestTerraformConfluentPlatformExample 2022-08-03T15:54:04Z logger.go:66:                           + url  = "http://ksqldb.confluent.svc.cluster.local:8088"
TestTerraformConfluentPlatformExample 2022-08-03T15:54:04Z logger.go:66:                         },
TestTerraformConfluentPlatformExample 2022-08-03T15:54:04Z logger.go:66:                     ]
TestTerraformConfluentPlatformExample 2022-08-03T15:54:04Z logger.go:66:                   + schemaRegistry = {
TestTerraformConfluentPlatformExample 2022-08-03T15:54:04Z logger.go:66:                       + url = "http://schemaregistry.confluent.svc.cluster.local:8081"
TestTerraformConfluentPlatformExample 2022-08-03T15:54:04Z logger.go:66:                     }
TestTerraformConfluentPlatformExample 2022-08-03T15:54:04Z logger.go:66:                 }
TestTerraformConfluentPlatformExample 2022-08-03T15:54:04Z logger.go:66:               + image              = {
TestTerraformConfluentPlatformExample 2022-08-03T15:54:04Z logger.go:66:                   + application = "confluentinc/cp-enterprise-control-center:7.2.0"
TestTerraformConfluentPlatformExample 2022-08-03T15:54:04Z logger.go:66:                   + init        = "confluentinc/confluent-init-container:2.4.0"
TestTerraformConfluentPlatformExample 2022-08-03T15:54:04Z logger.go:66:                 }
TestTerraformConfluentPlatformExample 2022-08-03T15:54:04Z logger.go:66:               + replicas           = 1
TestTerraformConfluentPlatformExample 2022-08-03T15:54:04Z logger.go:66:             }
TestTerraformConfluentPlatformExample 2022-08-03T15:54:04Z logger.go:66:         }
TestTerraformConfluentPlatformExample 2022-08-03T15:54:04Z logger.go:66:       + object          = {
TestTerraformConfluentPlatformExample 2022-08-03T15:54:04Z logger.go:66:           + apiVersion = "platform.confluent.io/v1beta1"
TestTerraformConfluentPlatformExample 2022-08-03T15:54:04Z logger.go:66:           + kind       = "ControlCenter"
TestTerraformConfluentPlatformExample 2022-08-03T15:54:04Z logger.go:66:           + metadata   = {
TestTerraformConfluentPlatformExample 2022-08-03T15:54:04Z logger.go:66:               + annotations                = (known after apply)
TestTerraformConfluentPlatformExample 2022-08-03T15:54:04Z logger.go:66:               + clusterName                = (known after apply)
TestTerraformConfluentPlatformExample 2022-08-03T15:54:04Z logger.go:66:               + creationTimestamp          = (known after apply)
TestTerraformConfluentPlatformExample 2022-08-03T15:54:04Z logger.go:66:               + deletionGracePeriodSeconds = (known after apply)
TestTerraformConfluentPlatformExample 2022-08-03T15:54:04Z logger.go:66:               + deletionTimestamp          = (known after apply)
TestTerraformConfluentPlatformExample 2022-08-03T15:54:04Z logger.go:66:               + finalizers                 = (known after apply)
TestTerraformConfluentPlatformExample 2022-08-03T15:54:04Z logger.go:66:               + generateName               = (known after apply)
TestTerraformConfluentPlatformExample 2022-08-03T15:54:04Z logger.go:66:               + generation                 = (known after apply)
TestTerraformConfluentPlatformExample 2022-08-03T15:54:04Z logger.go:66:               + labels                     = (known after apply)
TestTerraformConfluentPlatformExample 2022-08-03T15:54:04Z logger.go:66:               + managedFields              = (known after apply)
TestTerraformConfluentPlatformExample 2022-08-03T15:54:04Z logger.go:66:               + name                       = "controlcenter"
TestTerraformConfluentPlatformExample 2022-08-03T15:54:04Z logger.go:66:               + namespace                  = "confluent"
TestTerraformConfluentPlatformExample 2022-08-03T15:54:04Z logger.go:66:               + ownerReferences            = (known after apply)
TestTerraformConfluentPlatformExample 2022-08-03T15:54:04Z logger.go:66:               + resourceVersion            = (known after apply)
TestTerraformConfluentPlatformExample 2022-08-03T15:54:04Z logger.go:66:               + selfLink                   = (known after apply)
TestTerraformConfluentPlatformExample 2022-08-03T15:54:04Z logger.go:66:               + uid                        = (known after apply)
TestTerraformConfluentPlatformExample 2022-08-03T15:54:04Z logger.go:66:             }
TestTerraformConfluentPlatformExample 2022-08-03T15:54:04Z logger.go:66:           + spec       = {
TestTerraformConfluentPlatformExample 2022-08-03T15:54:04Z logger.go:66:               + authentication                = {
TestTerraformConfluentPlatformExample 2022-08-03T15:54:04Z logger.go:66:                   + basic = {
TestTerraformConfluentPlatformExample 2022-08-03T15:54:04Z logger.go:66:                       + debug                    = (known after apply)
TestTerraformConfluentPlatformExample 2022-08-03T15:54:04Z logger.go:66:                       + directoryPathInContainer = (known after apply)
TestTerraformConfluentPlatformExample 2022-08-03T15:54:04Z logger.go:66:                       + restrictedRoles          = (known after apply)
TestTerraformConfluentPlatformExample 2022-08-03T15:54:04Z logger.go:66:                       + roles                    = (known after apply)
TestTerraformConfluentPlatformExample 2022-08-03T15:54:04Z logger.go:66:                       + secretRef                = (known after apply)
TestTerraformConfluentPlatformExample 2022-08-03T15:54:04Z logger.go:66:                     }
TestTerraformConfluentPlatformExample 2022-08-03T15:54:04Z logger.go:66:                   + ldap  = {
TestTerraformConfluentPlatformExample 2022-08-03T15:54:04Z logger.go:66:                       + debug           = (known after apply)
TestTerraformConfluentPlatformExample 2022-08-03T15:54:04Z logger.go:66:                       + property        = (known after apply)
TestTerraformConfluentPlatformExample 2022-08-03T15:54:04Z logger.go:66:                       + restrictedRoles = (known after apply)
TestTerraformConfluentPlatformExample 2022-08-03T15:54:04Z logger.go:66:                       + roles           = (known after apply)
TestTerraformConfluentPlatformExample 2022-08-03T15:54:04Z logger.go:66:                       + secretRef       = (known after apply)
TestTerraformConfluentPlatformExample 2022-08-03T15:54:04Z logger.go:66:                     }
TestTerraformConfluentPlatformExample 2022-08-03T15:54:04Z logger.go:66:                   + type  = (known after apply)
TestTerraformConfluentPlatformExample 2022-08-03T15:54:04Z logger.go:66:                 }
TestTerraformConfluentPlatformExample 2022-08-03T15:54:04Z logger.go:66:               + authorization                 = {
TestTerraformConfluentPlatformExample 2022-08-03T15:54:04Z logger.go:66:                   + kafkaRestClassRef = {
TestTerraformConfluentPlatformExample 2022-08-03T15:54:04Z logger.go:66:                       + name      = (known after apply)
TestTerraformConfluentPlatformExample 2022-08-03T15:54:04Z logger.go:66:                       + namespace = (known after apply)
TestTerraformConfluentPlatformExample 2022-08-03T15:54:04Z logger.go:66:                     }
TestTerraformConfluentPlatformExample 2022-08-03T15:54:04Z logger.go:66:                   + type              = (known after apply)
TestTerraformConfluentPlatformExample 2022-08-03T15:54:04Z logger.go:66:                 }
TestTerraformConfluentPlatformExample 2022-08-03T15:54:04Z logger.go:66:               + configOverrides               = {
TestTerraformConfluentPlatformExample 2022-08-03T15:54:04Z logger.go:66:                   + jvm    = (known after apply)
TestTerraformConfluentPlatformExample 2022-08-03T15:54:04Z logger.go:66:                   + log4j  = (known after apply)
TestTerraformConfluentPlatformExample 2022-08-03T15:54:04Z logger.go:66:                   + server = (known after apply)
TestTerraformConfluentPlatformExample 2022-08-03T15:54:04Z logger.go:66:                 }
TestTerraformConfluentPlatformExample 2022-08-03T15:54:04Z logger.go:66:               + dataVolumeCapacity            = "10Gi"
TestTerraformConfluentPlatformExample 2022-08-03T15:54:04Z logger.go:66:               + dependencies                  = {
TestTerraformConfluentPlatformExample 2022-08-03T15:54:04Z logger.go:66:                   + connect        = [
TestTerraformConfluentPlatformExample 2022-08-03T15:54:04Z logger.go:66:                       + {
TestTerraformConfluentPlatformExample 2022-08-03T15:54:04Z logger.go:66:                           + authentication = {
TestTerraformConfluentPlatformExample 2022-08-03T15:54:04Z logger.go:66:                               + basic = {
TestTerraformConfluentPlatformExample 2022-08-03T15:54:04Z logger.go:66:                                   + debug                    = (known after apply)
TestTerraformConfluentPlatformExample 2022-08-03T15:54:04Z logger.go:66:                                   + directoryPathInContainer = (known after apply)
TestTerraformConfluentPlatformExample 2022-08-03T15:54:04Z logger.go:66:                                   + restrictedRoles          = (known after apply)
TestTerraformConfluentPlatformExample 2022-08-03T15:54:04Z logger.go:66:                                   + roles                    = (known after apply)
TestTerraformConfluentPlatformExample 2022-08-03T15:54:04Z logger.go:66:                                   + secretRef                = (known after apply)
TestTerraformConfluentPlatformExample 2022-08-03T15:54:04Z logger.go:66:                                 }
TestTerraformConfluentPlatformExample 2022-08-03T15:54:04Z logger.go:66:                               + type  = (known after apply)
TestTerraformConfluentPlatformExample 2022-08-03T15:54:04Z logger.go:66:                             }
TestTerraformConfluentPlatformExample 2022-08-03T15:54:04Z logger.go:66:                           + name           = "connect"
TestTerraformConfluentPlatformExample 2022-08-03T15:54:04Z logger.go:66:                           + tls            = {
TestTerraformConfluentPlatformExample 2022-08-03T15:54:04Z logger.go:66:                               + directoryPathInContainer = (known after apply)
TestTerraformConfluentPlatformExample 2022-08-03T15:54:04Z logger.go:66:                               + enabled                  = (known after apply)
TestTerraformConfluentPlatformExample 2022-08-03T15:54:04Z logger.go:66:                               + ignoreTrustStoreConfig   = (known after apply)
TestTerraformConfluentPlatformExample 2022-08-03T15:54:04Z logger.go:66:                               + jksPassword              = {
TestTerraformConfluentPlatformExample 2022-08-03T15:54:04Z logger.go:66:                                   + secretRef = (known after apply)
TestTerraformConfluentPlatformExample 2022-08-03T15:54:04Z logger.go:66:                                 }
TestTerraformConfluentPlatformExample 2022-08-03T15:54:04Z logger.go:66:                               + secretRef                = (known after apply)
TestTerraformConfluentPlatformExample 2022-08-03T15:54:04Z logger.go:66:                             }
TestTerraformConfluentPlatformExample 2022-08-03T15:54:04Z logger.go:66:                           + url            = "http://connect.confluent.svc.cluster.local:8083"
TestTerraformConfluentPlatformExample 2022-08-03T15:54:04Z logger.go:66:                         },
TestTerraformConfluentPlatformExample 2022-08-03T15:54:04Z logger.go:66:                     ]
TestTerraformConfluentPlatformExample 2022-08-03T15:54:04Z logger.go:66:                   + kafka          = {
TestTerraformConfluentPlatformExample 2022-08-03T15:54:04Z logger.go:66:                       + authentication    = {
TestTerraformConfluentPlatformExample 2022-08-03T15:54:04Z logger.go:66:                           + jaasConfig            = {
TestTerraformConfluentPlatformExample 2022-08-03T15:54:04Z logger.go:66:                               + secretRef = (known after apply)
TestTerraformConfluentPlatformExample 2022-08-03T15:54:04Z logger.go:66:                             }
TestTerraformConfluentPlatformExample 2022-08-03T15:54:04Z logger.go:66:                           + jaasConfigPassThrough = {
TestTerraformConfluentPlatformExample 2022-08-03T15:54:04Z logger.go:66:                               + directoryPathInContainer = (known after apply)
TestTerraformConfluentPlatformExample 2022-08-03T15:54:04Z logger.go:66:                               + secretRef                = (known after apply)
TestTerraformConfluentPlatformExample 2022-08-03T15:54:04Z logger.go:66:                             }
TestTerraformConfluentPlatformExample 2022-08-03T15:54:04Z logger.go:66:                           + oauthbearer           = {
TestTerraformConfluentPlatformExample 2022-08-03T15:54:04Z logger.go:66:                               + directoryPathInContainer = (known after apply)
TestTerraformConfluentPlatformExample 2022-08-03T15:54:04Z logger.go:66:                               + secretRef                = (known after apply)
TestTerraformConfluentPlatformExample 2022-08-03T15:54:04Z logger.go:66:                             }
TestTerraformConfluentPlatformExample 2022-08-03T15:54:04Z logger.go:66:                           + type                  = (known after apply)
TestTerraformConfluentPlatformExample 2022-08-03T15:54:04Z logger.go:66:                         }
TestTerraformConfluentPlatformExample 2022-08-03T15:54:04Z logger.go:66:                       + bootstrapEndpoint = (known after apply)
TestTerraformConfluentPlatformExample 2022-08-03T15:54:04Z logger.go:66:                       + discovery         = {
TestTerraformConfluentPlatformExample 2022-08-03T15:54:04Z logger.go:66:                           + name      = (known after apply)
TestTerraformConfluentPlatformExample 2022-08-03T15:54:04Z logger.go:66:                           + namespace = (known after apply)
TestTerraformConfluentPlatformExample 2022-08-03T15:54:04Z logger.go:66:                           + secretRef = (known after apply)
TestTerraformConfluentPlatformExample 2022-08-03T15:54:04Z logger.go:66:                         }
TestTerraformConfluentPlatformExample 2022-08-03T15:54:04Z logger.go:66:                       + tls               = {
TestTerraformConfluentPlatformExample 2022-08-03T15:54:04Z logger.go:66:                           + directoryPathInContainer = (known after apply)
TestTerraformConfluentPlatformExample 2022-08-03T15:54:04Z logger.go:66:                           + enabled                  = (known after apply)
TestTerraformConfluentPlatformExample 2022-08-03T15:54:04Z logger.go:66:                           + ignoreTrustStoreConfig   = (known after apply)
TestTerraformConfluentPlatformExample 2022-08-03T15:54:04Z logger.go:66:                           + jksPassword              = {
TestTerraformConfluentPlatformExample 2022-08-03T15:54:04Z logger.go:66:                               + secretRef = (known after apply)
TestTerraformConfluentPlatformExample 2022-08-03T15:54:04Z logger.go:66:                             }
TestTerraformConfluentPlatformExample 2022-08-03T15:54:04Z logger.go:66:                           + secretRef                = (known after apply)
TestTerraformConfluentPlatformExample 2022-08-03T15:54:04Z logger.go:66:                         }
TestTerraformConfluentPlatformExample 2022-08-03T15:54:04Z logger.go:66:                     }
TestTerraformConfluentPlatformExample 2022-08-03T15:54:04Z logger.go:66:                   + ksqldb         = [
TestTerraformConfluentPlatformExample 2022-08-03T15:54:04Z logger.go:66:                       + {
TestTerraformConfluentPlatformExample 2022-08-03T15:54:04Z logger.go:66:                           + advertisedUrl  = (known after apply)
TestTerraformConfluentPlatformExample 2022-08-03T15:54:04Z logger.go:66:                           + authentication = {
TestTerraformConfluentPlatformExample 2022-08-03T15:54:04Z logger.go:66:                               + basic = {
TestTerraformConfluentPlatformExample 2022-08-03T15:54:04Z logger.go:66:                                   + debug                    = (known after apply)
TestTerraformConfluentPlatformExample 2022-08-03T15:54:04Z logger.go:66:                                   + directoryPathInContainer = (known after apply)
TestTerraformConfluentPlatformExample 2022-08-03T15:54:04Z logger.go:66:                                   + restrictedRoles          = (known after apply)
TestTerraformConfluentPlatformExample 2022-08-03T15:54:04Z logger.go:66:                                   + roles                    = (known after apply)
TestTerraformConfluentPlatformExample 2022-08-03T15:54:04Z logger.go:66:                                   + secretRef                = (known after apply)
TestTerraformConfluentPlatformExample 2022-08-03T15:54:04Z logger.go:66:                                 }
TestTerraformConfluentPlatformExample 2022-08-03T15:54:04Z logger.go:66:                               + type  = (known after apply)
TestTerraformConfluentPlatformExample 2022-08-03T15:54:04Z logger.go:66:                             }
TestTerraformConfluentPlatformExample 2022-08-03T15:54:04Z logger.go:66:                           + name           = "ksqldb"
TestTerraformConfluentPlatformExample 2022-08-03T15:54:04Z logger.go:66:                           + tls            = {
TestTerraformConfluentPlatformExample 2022-08-03T15:54:04Z logger.go:66:                               + directoryPathInContainer = (known after apply)
TestTerraformConfluentPlatformExample 2022-08-03T15:54:04Z logger.go:66:                               + enabled                  = (known after apply)
TestTerraformConfluentPlatformExample 2022-08-03T15:54:04Z logger.go:66:                               + ignoreTrustStoreConfig   = (known after apply)
TestTerraformConfluentPlatformExample 2022-08-03T15:54:04Z logger.go:66:                               + jksPassword              = {
TestTerraformConfluentPlatformExample 2022-08-03T15:54:04Z logger.go:66:                                   + secretRef = (known after apply)
TestTerraformConfluentPlatformExample 2022-08-03T15:54:04Z logger.go:66:                                 }
TestTerraformConfluentPlatformExample 2022-08-03T15:54:04Z logger.go:66:                               + secretRef                = (known after apply)
TestTerraformConfluentPlatformExample 2022-08-03T15:54:04Z logger.go:66:                             }
TestTerraformConfluentPlatformExample 2022-08-03T15:54:04Z logger.go:66:                           + url            = "http://ksqldb.confluent.svc.cluster.local:8088"
TestTerraformConfluentPlatformExample 2022-08-03T15:54:04Z logger.go:66:                         },
TestTerraformConfluentPlatformExample 2022-08-03T15:54:04Z logger.go:66:                     ]
TestTerraformConfluentPlatformExample 2022-08-03T15:54:04Z logger.go:66:                   + mds            = {
TestTerraformConfluentPlatformExample 2022-08-03T15:54:04Z logger.go:66:                       + authentication = {
TestTerraformConfluentPlatformExample 2022-08-03T15:54:04Z logger.go:66:                           + bearer = {
TestTerraformConfluentPlatformExample 2022-08-03T15:54:04Z logger.go:66:                               + directoryPathInContainer = (known after apply)
TestTerraformConfluentPlatformExample 2022-08-03T15:54:04Z logger.go:66:                               + secretRef                = (known after apply)
TestTerraformConfluentPlatformExample 2022-08-03T15:54:04Z logger.go:66:                             }
TestTerraformConfluentPlatformExample 2022-08-03T15:54:04Z logger.go:66:                           + type   = (known after apply)
TestTerraformConfluentPlatformExample 2022-08-03T15:54:04Z logger.go:66:                         }
TestTerraformConfluentPlatformExample 2022-08-03T15:54:04Z logger.go:66:                       + endpoint       = (known after apply)
TestTerraformConfluentPlatformExample 2022-08-03T15:54:04Z logger.go:66:                       + tls            = {
TestTerraformConfluentPlatformExample 2022-08-03T15:54:04Z logger.go:66:                           + directoryPathInContainer = (known after apply)
TestTerraformConfluentPlatformExample 2022-08-03T15:54:04Z logger.go:66:                           + enabled                  = (known after apply)
TestTerraformConfluentPlatformExample 2022-08-03T15:54:04Z logger.go:66:                           + ignoreTrustStoreConfig   = (known after apply)
TestTerraformConfluentPlatformExample 2022-08-03T15:54:04Z logger.go:66:                           + jksPassword              = {
TestTerraformConfluentPlatformExample 2022-08-03T15:54:04Z logger.go:66:                               + secretRef = (known after apply)
TestTerraformConfluentPlatformExample 2022-08-03T15:54:04Z logger.go:66:                             }
TestTerraformConfluentPlatformExample 2022-08-03T15:54:04Z logger.go:66:                           + secretRef                = (known after apply)
TestTerraformConfluentPlatformExample 2022-08-03T15:54:04Z logger.go:66:                         }
TestTerraformConfluentPlatformExample 2022-08-03T15:54:04Z logger.go:66:                       + tokenKeyPair   = {
TestTerraformConfluentPlatformExample 2022-08-03T15:54:04Z logger.go:66:                           + directoryPathInContainer = (known after apply)
TestTerraformConfluentPlatformExample 2022-08-03T15:54:04Z logger.go:66:                           + secretRef                = (known after apply)
TestTerraformConfluentPlatformExample 2022-08-03T15:54:04Z logger.go:66:                         }
TestTerraformConfluentPlatformExample 2022-08-03T15:54:04Z logger.go:66:                     }
TestTerraformConfluentPlatformExample 2022-08-03T15:54:04Z logger.go:66:                   + schemaRegistry = {
TestTerraformConfluentPlatformExample 2022-08-03T15:54:04Z logger.go:66:                       + authentication = {
TestTerraformConfluentPlatformExample 2022-08-03T15:54:04Z logger.go:66:                           + basic = {
TestTerraformConfluentPlatformExample 2022-08-03T15:54:04Z logger.go:66:                               + debug                    = (known after apply)
TestTerraformConfluentPlatformExample 2022-08-03T15:54:04Z logger.go:66:                               + directoryPathInContainer = (known after apply)
TestTerraformConfluentPlatformExample 2022-08-03T15:54:04Z logger.go:66:                               + restrictedRoles          = (known after apply)
TestTerraformConfluentPlatformExample 2022-08-03T15:54:04Z logger.go:66:                               + roles                    = (known after apply)
TestTerraformConfluentPlatformExample 2022-08-03T15:54:04Z logger.go:66:                               + secretRef                = (known after apply)
TestTerraformConfluentPlatformExample 2022-08-03T15:54:04Z logger.go:66:                             }
TestTerraformConfluentPlatformExample 2022-08-03T15:54:04Z logger.go:66:                           + type  = (known after apply)
TestTerraformConfluentPlatformExample 2022-08-03T15:54:04Z logger.go:66:                         }
TestTerraformConfluentPlatformExample 2022-08-03T15:54:04Z logger.go:66:                       + clusters       = (known after apply)
TestTerraformConfluentPlatformExample 2022-08-03T15:54:04Z logger.go:66:                       + tls            = {
TestTerraformConfluentPlatformExample 2022-08-03T15:54:04Z logger.go:66:                           + directoryPathInContainer = (known after apply)
TestTerraformConfluentPlatformExample 2022-08-03T15:54:04Z logger.go:66:                           + enabled                  = (known after apply)
TestTerraformConfluentPlatformExample 2022-08-03T15:54:04Z logger.go:66:                           + ignoreTrustStoreConfig   = (known after apply)
TestTerraformConfluentPlatformExample 2022-08-03T15:54:04Z logger.go:66:                           + jksPassword              = {
TestTerraformConfluentPlatformExample 2022-08-03T15:54:04Z logger.go:66:                               + secretRef = (known after apply)
TestTerraformConfluentPlatformExample 2022-08-03T15:54:04Z logger.go:66:                             }
TestTerraformConfluentPlatformExample 2022-08-03T15:54:04Z logger.go:66:                           + secretRef                = (known after apply)
TestTerraformConfluentPlatformExample 2022-08-03T15:54:04Z logger.go:66:                         }
TestTerraformConfluentPlatformExample 2022-08-03T15:54:04Z logger.go:66:                       + url            = "http://schemaregistry.confluent.svc.cluster.local:8081"
TestTerraformConfluentPlatformExample 2022-08-03T15:54:04Z logger.go:66:                     }
TestTerraformConfluentPlatformExample 2022-08-03T15:54:04Z logger.go:66:                 }
TestTerraformConfluentPlatformExample 2022-08-03T15:54:04Z logger.go:66:               + externalAccess                = {
TestTerraformConfluentPlatformExample 2022-08-03T15:54:04Z logger.go:66:                   + loadBalancer = {
TestTerraformConfluentPlatformExample 2022-08-03T15:54:04Z logger.go:66:                       + advertisedURL            = {
TestTerraformConfluentPlatformExample 2022-08-03T15:54:04Z logger.go:66:                           + enabled = (known after apply)
TestTerraformConfluentPlatformExample 2022-08-03T15:54:04Z logger.go:66:                           + prefix  = (known after apply)
TestTerraformConfluentPlatformExample 2022-08-03T15:54:04Z logger.go:66:                         }
TestTerraformConfluentPlatformExample 2022-08-03T15:54:04Z logger.go:66:                       + annotations              = (known after apply)
TestTerraformConfluentPlatformExample 2022-08-03T15:54:04Z logger.go:66:                       + domain                   = (known after apply)
TestTerraformConfluentPlatformExample 2022-08-03T15:54:04Z logger.go:66:                       + externalTrafficPolicy    = (known after apply)
TestTerraformConfluentPlatformExample 2022-08-03T15:54:04Z logger.go:66:                       + labels                   = (known after apply)
TestTerraformConfluentPlatformExample 2022-08-03T15:54:04Z logger.go:66:                       + loadBalancerSourceRanges = (known after apply)
TestTerraformConfluentPlatformExample 2022-08-03T15:54:04Z logger.go:66:                       + port                     = (known after apply)
TestTerraformConfluentPlatformExample 2022-08-03T15:54:04Z logger.go:66:                       + prefix                   = (known after apply)
TestTerraformConfluentPlatformExample 2022-08-03T15:54:04Z logger.go:66:                       + servicePorts             = (known after apply)
TestTerraformConfluentPlatformExample 2022-08-03T15:54:04Z logger.go:66:                       + sessionAffinity          = (known after apply)
TestTerraformConfluentPlatformExample 2022-08-03T15:54:04Z logger.go:66:                       + sessionAffinityConfig    = {
TestTerraformConfluentPlatformExample 2022-08-03T15:54:04Z logger.go:66:                           + clientIP = {
TestTerraformConfluentPlatformExample 2022-08-03T15:54:04Z logger.go:66:                               + timeoutSeconds = (known after apply)
TestTerraformConfluentPlatformExample 2022-08-03T15:54:04Z logger.go:66:                             }
TestTerraformConfluentPlatformExample 2022-08-03T15:54:04Z logger.go:66:                         }
TestTerraformConfluentPlatformExample 2022-08-03T15:54:04Z logger.go:66:                     }
TestTerraformConfluentPlatformExample 2022-08-03T15:54:04Z logger.go:66:                   + nodePort     = {
TestTerraformConfluentPlatformExample 2022-08-03T15:54:04Z logger.go:66:                       + advertisedURL         = {
TestTerraformConfluentPlatformExample 2022-08-03T15:54:04Z logger.go:66:                           + enabled = (known after apply)
TestTerraformConfluentPlatformExample 2022-08-03T15:54:04Z logger.go:66:                           + prefix  = (known after apply)
TestTerraformConfluentPlatformExample 2022-08-03T15:54:04Z logger.go:66:                         }
TestTerraformConfluentPlatformExample 2022-08-03T15:54:04Z logger.go:66:                       + annotations           = (known after apply)
TestTerraformConfluentPlatformExample 2022-08-03T15:54:04Z logger.go:66:                       + externalTrafficPolicy = (known after apply)
TestTerraformConfluentPlatformExample 2022-08-03T15:54:04Z logger.go:66:                       + host                  = (known after apply)
TestTerraformConfluentPlatformExample 2022-08-03T15:54:04Z logger.go:66:                       + labels                = (known after apply)
TestTerraformConfluentPlatformExample 2022-08-03T15:54:04Z logger.go:66:                       + nodePortOffset        = (known after apply)
TestTerraformConfluentPlatformExample 2022-08-03T15:54:04Z logger.go:66:                       + servicePorts          = (known after apply)
TestTerraformConfluentPlatformExample 2022-08-03T15:54:04Z logger.go:66:                       + sessionAffinity       = (known after apply)
TestTerraformConfluentPlatformExample 2022-08-03T15:54:04Z logger.go:66:                       + sessionAffinityConfig = {
TestTerraformConfluentPlatformExample 2022-08-03T15:54:04Z logger.go:66:                           + clientIP = {
TestTerraformConfluentPlatformExample 2022-08-03T15:54:04Z logger.go:66:                               + timeoutSeconds = (known after apply)
TestTerraformConfluentPlatformExample 2022-08-03T15:54:04Z logger.go:66:                             }
TestTerraformConfluentPlatformExample 2022-08-03T15:54:04Z logger.go:66:                         }
TestTerraformConfluentPlatformExample 2022-08-03T15:54:04Z logger.go:66:                     }
TestTerraformConfluentPlatformExample 2022-08-03T15:54:04Z logger.go:66:                   + route        = {
TestTerraformConfluentPlatformExample 2022-08-03T15:54:04Z logger.go:66:                       + annotations    = (known after apply)
TestTerraformConfluentPlatformExample 2022-08-03T15:54:04Z logger.go:66:                       + domain         = (known after apply)
TestTerraformConfluentPlatformExample 2022-08-03T15:54:04Z logger.go:66:                       + labels         = (known after apply)
TestTerraformConfluentPlatformExample 2022-08-03T15:54:04Z logger.go:66:                       + prefix         = (known after apply)
TestTerraformConfluentPlatformExample 2022-08-03T15:54:04Z logger.go:66:                       + wildcardPolicy = (known after apply)
TestTerraformConfluentPlatformExample 2022-08-03T15:54:04Z logger.go:66:                     }
TestTerraformConfluentPlatformExample 2022-08-03T15:54:04Z logger.go:66:                   + type         = (known after apply)
TestTerraformConfluentPlatformExample 2022-08-03T15:54:04Z logger.go:66:                 }
TestTerraformConfluentPlatformExample 2022-08-03T15:54:04Z logger.go:66:               + headlessService               = {
TestTerraformConfluentPlatformExample 2022-08-03T15:54:04Z logger.go:66:                   + annotations              = (known after apply)
TestTerraformConfluentPlatformExample 2022-08-03T15:54:04Z logger.go:66:                   + labels                   = (known after apply)
TestTerraformConfluentPlatformExample 2022-08-03T15:54:04Z logger.go:66:                   + publishNotReadyAddresses = (known after apply)
TestTerraformConfluentPlatformExample 2022-08-03T15:54:04Z logger.go:66:                 }
TestTerraformConfluentPlatformExample 2022-08-03T15:54:04Z logger.go:66:               + id                            = (known after apply)
TestTerraformConfluentPlatformExample 2022-08-03T15:54:04Z logger.go:66:               + image                         = {
TestTerraformConfluentPlatformExample 2022-08-03T15:54:04Z logger.go:66:                   + application   = "confluentinc/cp-enterprise-control-center:7.2.0"
TestTerraformConfluentPlatformExample 2022-08-03T15:54:04Z logger.go:66:                   + init          = "confluentinc/confluent-init-container:2.4.0"
TestTerraformConfluentPlatformExample 2022-08-03T15:54:04Z logger.go:66:                   + pullPolicy    = (known after apply)
TestTerraformConfluentPlatformExample 2022-08-03T15:54:04Z logger.go:66:                   + pullSecretRef = (known after apply)
TestTerraformConfluentPlatformExample 2022-08-03T15:54:04Z logger.go:66:                 }
TestTerraformConfluentPlatformExample 2022-08-03T15:54:04Z logger.go:66:               + injectAnnotations             = (known after apply)
TestTerraformConfluentPlatformExample 2022-08-03T15:54:04Z logger.go:66:               + injectLabels                  = (known after apply)
TestTerraformConfluentPlatformExample 2022-08-03T15:54:04Z logger.go:66:               + internalTopicReplicatorFactor = (known after apply)
TestTerraformConfluentPlatformExample 2022-08-03T15:54:04Z logger.go:66:               + k8sClusterDomain              = (known after apply)
TestTerraformConfluentPlatformExample 2022-08-03T15:54:04Z logger.go:66:               + license                       = {
TestTerraformConfluentPlatformExample 2022-08-03T15:54:04Z logger.go:66:                   + directoryPathInContainer = (known after apply)
TestTerraformConfluentPlatformExample 2022-08-03T15:54:04Z logger.go:66:                   + globalLicense            = (known after apply)
TestTerraformConfluentPlatformExample 2022-08-03T15:54:04Z logger.go:66:                   + secretRef                = (known after apply)
TestTerraformConfluentPlatformExample 2022-08-03T15:54:04Z logger.go:66:                 }
TestTerraformConfluentPlatformExample 2022-08-03T15:54:04Z logger.go:66:               + mail                          = {
TestTerraformConfluentPlatformExample 2022-08-03T15:54:04Z logger.go:66:                   + authentication      = {
TestTerraformConfluentPlatformExample 2022-08-03T15:54:04Z logger.go:66:                       + basic = {
TestTerraformConfluentPlatformExample 2022-08-03T15:54:04Z logger.go:66:                           + debug                    = (known after apply)
TestTerraformConfluentPlatformExample 2022-08-03T15:54:04Z logger.go:66:                           + directoryPathInContainer = (known after apply)
TestTerraformConfluentPlatformExample 2022-08-03T15:54:04Z logger.go:66:                           + restrictedRoles          = (known after apply)
TestTerraformConfluentPlatformExample 2022-08-03T15:54:04Z logger.go:66:                           + roles                    = (known after apply)
TestTerraformConfluentPlatformExample 2022-08-03T15:54:04Z logger.go:66:                           + secretRef                = (known after apply)
TestTerraformConfluentPlatformExample 2022-08-03T15:54:04Z logger.go:66:                         }
TestTerraformConfluentPlatformExample 2022-08-03T15:54:04Z logger.go:66:                       + type  = (known after apply)
TestTerraformConfluentPlatformExample 2022-08-03T15:54:04Z logger.go:66:                     }
TestTerraformConfluentPlatformExample 2022-08-03T15:54:04Z logger.go:66:                   + checkServerIdentity = (known after apply)
TestTerraformConfluentPlatformExample 2022-08-03T15:54:04Z logger.go:66:                   + hostname            = (known after apply)
TestTerraformConfluentPlatformExample 2022-08-03T15:54:04Z logger.go:66:                   + mailBounceAddress   = (known after apply)
TestTerraformConfluentPlatformExample 2022-08-03T15:54:04Z logger.go:66:                   + mailFrom            = (known after apply)
TestTerraformConfluentPlatformExample 2022-08-03T15:54:04Z logger.go:66:                   + port                = (known after apply)
TestTerraformConfluentPlatformExample 2022-08-03T15:54:04Z logger.go:66:                   + startTLSRequired    = (known after apply)
TestTerraformConfluentPlatformExample 2022-08-03T15:54:04Z logger.go:66:                 }
TestTerraformConfluentPlatformExample 2022-08-03T15:54:04Z logger.go:66:               + metrics                       = {
TestTerraformConfluentPlatformExample 2022-08-03T15:54:04Z logger.go:66:                   + authentication = {
TestTerraformConfluentPlatformExample 2022-08-03T15:54:04Z logger.go:66:                       + type = (known after apply)
TestTerraformConfluentPlatformExample 2022-08-03T15:54:04Z logger.go:66:                     }
TestTerraformConfluentPlatformExample 2022-08-03T15:54:04Z logger.go:66:                   + prometheus     = {
TestTerraformConfluentPlatformExample 2022-08-03T15:54:04Z logger.go:66:                       + blacklist = (known after apply)
TestTerraformConfluentPlatformExample 2022-08-03T15:54:04Z logger.go:66:                       + rules     = (known after apply)
TestTerraformConfluentPlatformExample 2022-08-03T15:54:04Z logger.go:66:                       + whitelist = (known after apply)
TestTerraformConfluentPlatformExample 2022-08-03T15:54:04Z logger.go:66:                     }
TestTerraformConfluentPlatformExample 2022-08-03T15:54:04Z logger.go:66:                   + tls            = {
TestTerraformConfluentPlatformExample 2022-08-03T15:54:04Z logger.go:66:                       + directoryPathInContainer = (known after apply)
TestTerraformConfluentPlatformExample 2022-08-03T15:54:04Z logger.go:66:                       + enabled                  = (known after apply)
TestTerraformConfluentPlatformExample 2022-08-03T15:54:04Z logger.go:66:                       + ignoreTrustStoreConfig   = (known after apply)
TestTerraformConfluentPlatformExample 2022-08-03T15:54:04Z logger.go:66:                       + jksPassword              = {
TestTerraformConfluentPlatformExample 2022-08-03T15:54:04Z logger.go:66:                           + secretRef = (known after apply)
TestTerraformConfluentPlatformExample 2022-08-03T15:54:04Z logger.go:66:                         }
TestTerraformConfluentPlatformExample 2022-08-03T15:54:04Z logger.go:66:                       + secretRef                = (known after apply)
TestTerraformConfluentPlatformExample 2022-08-03T15:54:04Z logger.go:66:                     }
TestTerraformConfluentPlatformExample 2022-08-03T15:54:04Z logger.go:66:                 }
TestTerraformConfluentPlatformExample 2022-08-03T15:54:04Z logger.go:66:               + monitoringKafkaClusters       = (known after apply)
TestTerraformConfluentPlatformExample 2022-08-03T15:54:04Z logger.go:66:               + mountedSecrets                = (known after apply)
TestTerraformConfluentPlatformExample 2022-08-03T15:54:04Z logger.go:66:               + mountedVolumes                = {
TestTerraformConfluentPlatformExample 2022-08-03T15:54:04Z logger.go:66:                   + volumeMounts = (known after apply)
TestTerraformConfluentPlatformExample 2022-08-03T15:54:04Z logger.go:66:                   + volumes      = (known after apply)
TestTerraformConfluentPlatformExample 2022-08-03T15:54:04Z logger.go:66:                 }
TestTerraformConfluentPlatformExample 2022-08-03T15:54:04Z logger.go:66:               + name                          = (known after apply)
TestTerraformConfluentPlatformExample 2022-08-03T15:54:04Z logger.go:66:               + oneReplicaPerNode             = (known after apply)
TestTerraformConfluentPlatformExample 2022-08-03T15:54:04Z logger.go:66:               + podTemplate                   = {
TestTerraformConfluentPlatformExample 2022-08-03T15:54:04Z logger.go:66:                   + affinity                      = {
TestTerraformConfluentPlatformExample 2022-08-03T15:54:04Z logger.go:66:                       + nodeAffinity    = {
TestTerraformConfluentPlatformExample 2022-08-03T15:54:04Z logger.go:66:                           + preferredDuringSchedulingIgnoredDuringExecution = (known after apply)
TestTerraformConfluentPlatformExample 2022-08-03T15:54:04Z logger.go:66:                           + requiredDuringSchedulingIgnoredDuringExecution  = {
TestTerraformConfluentPlatformExample 2022-08-03T15:54:04Z logger.go:66:                               + nodeSelectorTerms = (known after apply)
TestTerraformConfluentPlatformExample 2022-08-03T15:54:04Z logger.go:66:                             }
TestTerraformConfluentPlatformExample 2022-08-03T15:54:04Z logger.go:66:                         }
TestTerraformConfluentPlatformExample 2022-08-03T15:54:04Z logger.go:66:                       + podAffinity     = {
TestTerraformConfluentPlatformExample 2022-08-03T15:54:04Z logger.go:66:                           + preferredDuringSchedulingIgnoredDuringExecution = (known after apply)
TestTerraformConfluentPlatformExample 2022-08-03T15:54:04Z logger.go:66:                           + requiredDuringSchedulingIgnoredDuringExecution  = (known after apply)
TestTerraformConfluentPlatformExample 2022-08-03T15:54:04Z logger.go:66:                         }
TestTerraformConfluentPlatformExample 2022-08-03T15:54:04Z logger.go:66:                       + podAntiAffinity = {
TestTerraformConfluentPlatformExample 2022-08-03T15:54:04Z logger.go:66:                           + preferredDuringSchedulingIgnoredDuringExecution = (known after apply)
TestTerraformConfluentPlatformExample 2022-08-03T15:54:04Z logger.go:66:                           + requiredDuringSchedulingIgnoredDuringExecution  = (known after apply)
TestTerraformConfluentPlatformExample 2022-08-03T15:54:04Z logger.go:66:                         }
TestTerraformConfluentPlatformExample 2022-08-03T15:54:04Z logger.go:66:                     }
TestTerraformConfluentPlatformExample 2022-08-03T15:54:04Z logger.go:66:                   + annotations                   = (known after apply)
TestTerraformConfluentPlatformExample 2022-08-03T15:54:04Z logger.go:66:                   + envVars                       = (known after apply)
TestTerraformConfluentPlatformExample 2022-08-03T15:54:04Z logger.go:66:                   + labels                        = (known after apply)
TestTerraformConfluentPlatformExample 2022-08-03T15:54:04Z logger.go:66:                   + podSecurityContext            = {
TestTerraformConfluentPlatformExample 2022-08-03T15:54:04Z logger.go:66:                       + fsGroup             = (known after apply)
TestTerraformConfluentPlatformExample 2022-08-03T15:54:04Z logger.go:66:                       + fsGroupChangePolicy = (known after apply)
TestTerraformConfluentPlatformExample 2022-08-03T15:54:04Z logger.go:66:                       + runAsGroup          = (known after apply)
TestTerraformConfluentPlatformExample 2022-08-03T15:54:04Z logger.go:66:                       + runAsNonRoot        = (known after apply)
TestTerraformConfluentPlatformExample 2022-08-03T15:54:04Z logger.go:66:                       + runAsUser           = (known after apply)
TestTerraformConfluentPlatformExample 2022-08-03T15:54:04Z logger.go:66:                       + seLinuxOptions      = {
TestTerraformConfluentPlatformExample 2022-08-03T15:54:04Z logger.go:66:                           + level = (known after apply)
TestTerraformConfluentPlatformExample 2022-08-03T15:54:04Z logger.go:66:                           + role  = (known after apply)
TestTerraformConfluentPlatformExample 2022-08-03T15:54:04Z logger.go:66:                           + type  = (known after apply)
TestTerraformConfluentPlatformExample 2022-08-03T15:54:04Z logger.go:66:                           + user  = (known after apply)
TestTerraformConfluentPlatformExample 2022-08-03T15:54:04Z logger.go:66:                         }
TestTerraformConfluentPlatformExample 2022-08-03T15:54:04Z logger.go:66:                       + seccompProfile      = {
TestTerraformConfluentPlatformExample 2022-08-03T15:54:04Z logger.go:66:                           + localhostProfile = (known after apply)
TestTerraformConfluentPlatformExample 2022-08-03T15:54:04Z logger.go:66:                           + type             = (known after apply)
TestTerraformConfluentPlatformExample 2022-08-03T15:54:04Z logger.go:66:                         }
TestTerraformConfluentPlatformExample 2022-08-03T15:54:04Z logger.go:66:                       + supplementalGroups  = (known after apply)
TestTerraformConfluentPlatformExample 2022-08-03T15:54:04Z logger.go:66:                       + sysctls             = (known after apply)
TestTerraformConfluentPlatformExample 2022-08-03T15:54:04Z logger.go:66:                       + windowsOptions      = {
TestTerraformConfluentPlatformExample 2022-08-03T15:54:04Z logger.go:66:                           + gmsaCredentialSpec     = (known after apply)
TestTerraformConfluentPlatformExample 2022-08-03T15:54:04Z logger.go:66:                           + gmsaCredentialSpecName = (known after apply)
TestTerraformConfluentPlatformExample 2022-08-03T15:54:04Z logger.go:66:                           + hostProcess            = (known after apply)
TestTerraformConfluentPlatformExample 2022-08-03T15:54:04Z logger.go:66:                           + runAsUserName          = (known after apply)
TestTerraformConfluentPlatformExample 2022-08-03T15:54:04Z logger.go:66:                         }
TestTerraformConfluentPlatformExample 2022-08-03T15:54:04Z logger.go:66:                     }
TestTerraformConfluentPlatformExample 2022-08-03T15:54:04Z logger.go:66:                   + priorityClassName             = (known after apply)
TestTerraformConfluentPlatformExample 2022-08-03T15:54:04Z logger.go:66:                   + probe                         = {
TestTerraformConfluentPlatformExample 2022-08-03T15:54:04Z logger.go:66:                       + liveness  = {
TestTerraformConfluentPlatformExample 2022-08-03T15:54:04Z logger.go:66:                           + failureThreshold    = (known after apply)
TestTerraformConfluentPlatformExample 2022-08-03T15:54:04Z logger.go:66:                           + initialDelaySeconds = (known after apply)
TestTerraformConfluentPlatformExample 2022-08-03T15:54:04Z logger.go:66:                           + periodSeconds       = (known after apply)
TestTerraformConfluentPlatformExample 2022-08-03T15:54:04Z logger.go:66:                           + successThreshold    = (known after apply)
TestTerraformConfluentPlatformExample 2022-08-03T15:54:04Z logger.go:66:                           + timeoutSeconds      = (known after apply)
TestTerraformConfluentPlatformExample 2022-08-03T15:54:04Z logger.go:66:                         }
TestTerraformConfluentPlatformExample 2022-08-03T15:54:04Z logger.go:66:                       + readiness = {
TestTerraformConfluentPlatformExample 2022-08-03T15:54:04Z logger.go:66:                           + failureThreshold    = (known after apply)
TestTerraformConfluentPlatformExample 2022-08-03T15:54:04Z logger.go:66:                           + initialDelaySeconds = (known after apply)
TestTerraformConfluentPlatformExample 2022-08-03T15:54:04Z logger.go:66:                           + periodSeconds       = (known after apply)
TestTerraformConfluentPlatformExample 2022-08-03T15:54:04Z logger.go:66:                           + successThreshold    = (known after apply)
TestTerraformConfluentPlatformExample 2022-08-03T15:54:04Z logger.go:66:                           + timeoutSeconds      = (known after apply)
TestTerraformConfluentPlatformExample 2022-08-03T15:54:04Z logger.go:66:                         }
TestTerraformConfluentPlatformExample 2022-08-03T15:54:04Z logger.go:66:                     }
TestTerraformConfluentPlatformExample 2022-08-03T15:54:04Z logger.go:66:                   + resources                     = {
TestTerraformConfluentPlatformExample 2022-08-03T15:54:04Z logger.go:66:                       + limits   = (known after apply)
TestTerraformConfluentPlatformExample 2022-08-03T15:54:04Z logger.go:66:                       + requests = (known after apply)
TestTerraformConfluentPlatformExample 2022-08-03T15:54:04Z logger.go:66:                     }
TestTerraformConfluentPlatformExample 2022-08-03T15:54:04Z logger.go:66:                   + securityContext               = {
TestTerraformConfluentPlatformExample 2022-08-03T15:54:04Z logger.go:66:                       + allowPrivilegeEscalation = (known after apply)
TestTerraformConfluentPlatformExample 2022-08-03T15:54:04Z logger.go:66:                       + capabilities             = {
TestTerraformConfluentPlatformExample 2022-08-03T15:54:04Z logger.go:66:                           + add  = (known after apply)
TestTerraformConfluentPlatformExample 2022-08-03T15:54:04Z logger.go:66:                           + drop = (known after apply)
TestTerraformConfluentPlatformExample 2022-08-03T15:54:04Z logger.go:66:                         }
TestTerraformConfluentPlatformExample 2022-08-03T15:54:04Z logger.go:66:                       + privileged               = (known after apply)
TestTerraformConfluentPlatformExample 2022-08-03T15:54:04Z logger.go:66:                       + procMount                = (known after apply)
TestTerraformConfluentPlatformExample 2022-08-03T15:54:04Z logger.go:66:                       + readOnlyRootFilesystem   = (known after apply)
TestTerraformConfluentPlatformExample 2022-08-03T15:54:04Z logger.go:66:                       + runAsGroup               = (known after apply)
TestTerraformConfluentPlatformExample 2022-08-03T15:54:04Z logger.go:66:                       + runAsNonRoot             = (known after apply)
TestTerraformConfluentPlatformExample 2022-08-03T15:54:04Z logger.go:66:                       + runAsUser                = (known after apply)
TestTerraformConfluentPlatformExample 2022-08-03T15:54:04Z logger.go:66:                       + seLinuxOptions           = {
TestTerraformConfluentPlatformExample 2022-08-03T15:54:04Z logger.go:66:                           + level = (known after apply)
TestTerraformConfluentPlatformExample 2022-08-03T15:54:04Z logger.go:66:                           + role  = (known after apply)
TestTerraformConfluentPlatformExample 2022-08-03T15:54:04Z logger.go:66:                           + type  = (known after apply)
TestTerraformConfluentPlatformExample 2022-08-03T15:54:04Z logger.go:66:                           + user  = (known after apply)
TestTerraformConfluentPlatformExample 2022-08-03T15:54:04Z logger.go:66:                         }
TestTerraformConfluentPlatformExample 2022-08-03T15:54:04Z logger.go:66:                       + seccompProfile           = {
TestTerraformConfluentPlatformExample 2022-08-03T15:54:04Z logger.go:66:                           + localhostProfile = (known after apply)
TestTerraformConfluentPlatformExample 2022-08-03T15:54:04Z logger.go:66:                           + type             = (known after apply)
TestTerraformConfluentPlatformExample 2022-08-03T15:54:04Z logger.go:66:                         }
TestTerraformConfluentPlatformExample 2022-08-03T15:54:04Z logger.go:66:                       + windowsOptions           = {
TestTerraformConfluentPlatformExample 2022-08-03T15:54:04Z logger.go:66:                           + gmsaCredentialSpec     = (known after apply)
TestTerraformConfluentPlatformExample 2022-08-03T15:54:04Z logger.go:66:                           + gmsaCredentialSpecName = (known after apply)
TestTerraformConfluentPlatformExample 2022-08-03T15:54:04Z logger.go:66:                           + hostProcess            = (known after apply)
TestTerraformConfluentPlatformExample 2022-08-03T15:54:04Z logger.go:66:                           + runAsUserName          = (known after apply)
TestTerraformConfluentPlatformExample 2022-08-03T15:54:04Z logger.go:66:                         }
TestTerraformConfluentPlatformExample 2022-08-03T15:54:04Z logger.go:66:                     }
TestTerraformConfluentPlatformExample 2022-08-03T15:54:04Z logger.go:66:                   + serviceAccountName            = (known after apply)
TestTerraformConfluentPlatformExample 2022-08-03T15:54:04Z logger.go:66:                   + terminationGracePeriodSeconds = (known after apply)
TestTerraformConfluentPlatformExample 2022-08-03T15:54:04Z logger.go:66:                   + tolerations                   = (known after apply)
TestTerraformConfluentPlatformExample 2022-08-03T15:54:04Z logger.go:66:                   + topologySpreadConstraints     = (known after apply)
TestTerraformConfluentPlatformExample 2022-08-03T15:54:04Z logger.go:66:                 }
TestTerraformConfluentPlatformExample 2022-08-03T15:54:04Z logger.go:66:               + replicas                      = 1
TestTerraformConfluentPlatformExample 2022-08-03T15:54:04Z logger.go:66:               + storageClass                  = {
TestTerraformConfluentPlatformExample 2022-08-03T15:54:04Z logger.go:66:                   + name = (known after apply)
TestTerraformConfluentPlatformExample 2022-08-03T15:54:04Z logger.go:66:                 }
TestTerraformConfluentPlatformExample 2022-08-03T15:54:04Z logger.go:66:               + telemetry                     = {
TestTerraformConfluentPlatformExample 2022-08-03T15:54:04Z logger.go:66:                   + global = (known after apply)
TestTerraformConfluentPlatformExample 2022-08-03T15:54:04Z logger.go:66:                 }
TestTerraformConfluentPlatformExample 2022-08-03T15:54:04Z logger.go:66:               + tls                           = {
TestTerraformConfluentPlatformExample 2022-08-03T15:54:04Z logger.go:66:                   + autoGeneratedCerts       = (known after apply)
TestTerraformConfluentPlatformExample 2022-08-03T15:54:04Z logger.go:66:                   + directoryPathInContainer = (known after apply)
TestTerraformConfluentPlatformExample 2022-08-03T15:54:04Z logger.go:66:                   + ignoreTrustStoreConfig   = (known after apply)
TestTerraformConfluentPlatformExample 2022-08-03T15:54:04Z logger.go:66:                   + jksPassword              = {
TestTerraformConfluentPlatformExample 2022-08-03T15:54:04Z logger.go:66:                       + secretRef = (known after apply)
TestTerraformConfluentPlatformExample 2022-08-03T15:54:04Z logger.go:66:                     }
TestTerraformConfluentPlatformExample 2022-08-03T15:54:04Z logger.go:66:                   + secretRef                = (known after apply)
TestTerraformConfluentPlatformExample 2022-08-03T15:54:04Z logger.go:66:                 }
TestTerraformConfluentPlatformExample 2022-08-03T15:54:04Z logger.go:66:             }
TestTerraformConfluentPlatformExample 2022-08-03T15:54:04Z logger.go:66:         }
TestTerraformConfluentPlatformExample 2022-08-03T15:54:04Z logger.go:66:
TestTerraformConfluentPlatformExample 2022-08-03T15:54:04Z logger.go:66:       + timeouts {
TestTerraformConfluentPlatformExample 2022-08-03T15:54:04Z logger.go:66:           + create = "1h"
TestTerraformConfluentPlatformExample 2022-08-03T15:54:04Z logger.go:66:           + delete = "10m"
TestTerraformConfluentPlatformExample 2022-08-03T15:54:04Z logger.go:66:           + update = "1h"
TestTerraformConfluentPlatformExample 2022-08-03T15:54:04Z logger.go:66:         }
TestTerraformConfluentPlatformExample 2022-08-03T15:54:04Z logger.go:66:
TestTerraformConfluentPlatformExample 2022-08-03T15:54:04Z logger.go:66:       + wait {
TestTerraformConfluentPlatformExample 2022-08-03T15:54:04Z logger.go:66:           + fields = {
TestTerraformConfluentPlatformExample 2022-08-03T15:54:04Z logger.go:66:               + "status.phase" = "RUNNING"
TestTerraformConfluentPlatformExample 2022-08-03T15:54:04Z logger.go:66:             }
TestTerraformConfluentPlatformExample 2022-08-03T15:54:04Z logger.go:66:         }
TestTerraformConfluentPlatformExample 2022-08-03T15:54:04Z logger.go:66:     }
TestTerraformConfluentPlatformExample 2022-08-03T15:54:04Z logger.go:66:
TestTerraformConfluentPlatformExample 2022-08-03T15:54:04Z logger.go:66:   # module.confluent_platform.kubernetes_manifest.components["kafka"] will be created
TestTerraformConfluentPlatformExample 2022-08-03T15:54:04Z logger.go:66:   + resource "kubernetes_manifest" "components" {
TestTerraformConfluentPlatformExample 2022-08-03T15:54:04Z logger.go:66:       + computed_fields = [
TestTerraformConfluentPlatformExample 2022-08-03T15:54:04Z logger.go:66:           + "metadata.finalizers",
TestTerraformConfluentPlatformExample 2022-08-03T15:54:04Z logger.go:66:         ]
TestTerraformConfluentPlatformExample 2022-08-03T15:54:04Z logger.go:66:       + manifest        = {
TestTerraformConfluentPlatformExample 2022-08-03T15:54:04Z logger.go:66:           + apiVersion = "platform.confluent.io/v1beta1"
TestTerraformConfluentPlatformExample 2022-08-03T15:54:04Z logger.go:66:           + kind       = "Kafka"
TestTerraformConfluentPlatformExample 2022-08-03T15:54:04Z logger.go:66:           + metadata   = {
TestTerraformConfluentPlatformExample 2022-08-03T15:54:04Z logger.go:66:               + name      = "kafka"
TestTerraformConfluentPlatformExample 2022-08-03T15:54:04Z logger.go:66:               + namespace = "confluent"
TestTerraformConfluentPlatformExample 2022-08-03T15:54:04Z logger.go:66:             }
TestTerraformConfluentPlatformExample 2022-08-03T15:54:04Z logger.go:66:           + spec       = {
TestTerraformConfluentPlatformExample 2022-08-03T15:54:04Z logger.go:66:               + dataVolumeCapacity = "10Gi"
TestTerraformConfluentPlatformExample 2022-08-03T15:54:04Z logger.go:66:               + image              = {
TestTerraformConfluentPlatformExample 2022-08-03T15:54:04Z logger.go:66:                   + application = "confluentinc/cp-server:7.2.0"
TestTerraformConfluentPlatformExample 2022-08-03T15:54:04Z logger.go:66:                   + init        = "confluentinc/confluent-init-container:2.4.0"
TestTerraformConfluentPlatformExample 2022-08-03T15:54:04Z logger.go:66:                 }
TestTerraformConfluentPlatformExample 2022-08-03T15:54:04Z logger.go:66:               + metricReporter     = {
TestTerraformConfluentPlatformExample 2022-08-03T15:54:04Z logger.go:66:                   + enabled = true
TestTerraformConfluentPlatformExample 2022-08-03T15:54:04Z logger.go:66:                 }
TestTerraformConfluentPlatformExample 2022-08-03T15:54:04Z logger.go:66:               + replicas           = 3
TestTerraformConfluentPlatformExample 2022-08-03T15:54:04Z logger.go:66:             }
TestTerraformConfluentPlatformExample 2022-08-03T15:54:04Z logger.go:66:         }
TestTerraformConfluentPlatformExample 2022-08-03T15:54:04Z logger.go:66:       + object          = {
TestTerraformConfluentPlatformExample 2022-08-03T15:54:04Z logger.go:66:           + apiVersion = "platform.confluent.io/v1beta1"
TestTerraformConfluentPlatformExample 2022-08-03T15:54:04Z logger.go:66:           + kind       = "Kafka"
TestTerraformConfluentPlatformExample 2022-08-03T15:54:04Z logger.go:66:           + metadata   = {
TestTerraformConfluentPlatformExample 2022-08-03T15:54:04Z logger.go:66:               + annotations                = (known after apply)
TestTerraformConfluentPlatformExample 2022-08-03T15:54:04Z logger.go:66:               + clusterName                = (known after apply)
TestTerraformConfluentPlatformExample 2022-08-03T15:54:04Z logger.go:66:               + creationTimestamp          = (known after apply)
TestTerraformConfluentPlatformExample 2022-08-03T15:54:04Z logger.go:66:               + deletionGracePeriodSeconds = (known after apply)
TestTerraformConfluentPlatformExample 2022-08-03T15:54:04Z logger.go:66:               + deletionTimestamp          = (known after apply)
TestTerraformConfluentPlatformExample 2022-08-03T15:54:04Z logger.go:66:               + finalizers                 = (known after apply)
TestTerraformConfluentPlatformExample 2022-08-03T15:54:04Z logger.go:66:               + generateName               = (known after apply)
TestTerraformConfluentPlatformExample 2022-08-03T15:54:04Z logger.go:66:               + generation                 = (known after apply)
TestTerraformConfluentPlatformExample 2022-08-03T15:54:04Z logger.go:66:               + labels                     = (known after apply)
TestTerraformConfluentPlatformExample 2022-08-03T15:54:04Z logger.go:66:               + managedFields              = (known after apply)
TestTerraformConfluentPlatformExample 2022-08-03T15:54:04Z logger.go:66:               + name                       = "kafka"
TestTerraformConfluentPlatformExample 2022-08-03T15:54:04Z logger.go:66:               + namespace                  = "confluent"
TestTerraformConfluentPlatformExample 2022-08-03T15:54:04Z logger.go:66:               + ownerReferences            = (known after apply)
TestTerraformConfluentPlatformExample 2022-08-03T15:54:04Z logger.go:66:               + resourceVersion            = (known after apply)
TestTerraformConfluentPlatformExample 2022-08-03T15:54:04Z logger.go:66:               + selfLink                   = (known after apply)
TestTerraformConfluentPlatformExample 2022-08-03T15:54:04Z logger.go:66:               + uid                        = (known after apply)
TestTerraformConfluentPlatformExample 2022-08-03T15:54:04Z logger.go:66:             }
TestTerraformConfluentPlatformExample 2022-08-03T15:54:04Z logger.go:66:           + spec       = {
TestTerraformConfluentPlatformExample 2022-08-03T15:54:04Z logger.go:66:               + authorization      = {
TestTerraformConfluentPlatformExample 2022-08-03T15:54:04Z logger.go:66:                   + superUsers = (known after apply)
TestTerraformConfluentPlatformExample 2022-08-03T15:54:04Z logger.go:66:                   + type       = (known after apply)
TestTerraformConfluentPlatformExample 2022-08-03T15:54:04Z logger.go:66:                 }
TestTerraformConfluentPlatformExample 2022-08-03T15:54:04Z logger.go:66:               + configOverrides    = {
TestTerraformConfluentPlatformExample 2022-08-03T15:54:04Z logger.go:66:                   + jvm    = (known after apply)
TestTerraformConfluentPlatformExample 2022-08-03T15:54:04Z logger.go:66:                   + log4j  = (known after apply)
TestTerraformConfluentPlatformExample 2022-08-03T15:54:04Z logger.go:66:                   + server = (known after apply)
TestTerraformConfluentPlatformExample 2022-08-03T15:54:04Z logger.go:66:                 }
TestTerraformConfluentPlatformExample 2022-08-03T15:54:04Z logger.go:66:               + dataVolumeCapacity = "10Gi"
TestTerraformConfluentPlatformExample 2022-08-03T15:54:04Z logger.go:66:               + dependencies       = {
TestTerraformConfluentPlatformExample 2022-08-03T15:54:04Z logger.go:66:                   + kafkaRest      = {
TestTerraformConfluentPlatformExample 2022-08-03T15:54:04Z logger.go:66:                       + authentication    = {
TestTerraformConfluentPlatformExample 2022-08-03T15:54:04Z logger.go:66:                           + bearer                = {
TestTerraformConfluentPlatformExample 2022-08-03T15:54:04Z logger.go:66:                               + directoryPathInContainer = (known after apply)
TestTerraformConfluentPlatformExample 2022-08-03T15:54:04Z logger.go:66:                               + secretRef                = (known after apply)
TestTerraformConfluentPlatformExample 2022-08-03T15:54:04Z logger.go:66:                             }
TestTerraformConfluentPlatformExample 2022-08-03T15:54:04Z logger.go:66:                           + jaasConfig            = {
TestTerraformConfluentPlatformExample 2022-08-03T15:54:04Z logger.go:66:                               + secretRef = (known after apply)
TestTerraformConfluentPlatformExample 2022-08-03T15:54:04Z logger.go:66:                             }
TestTerraformConfluentPlatformExample 2022-08-03T15:54:04Z logger.go:66:                           + jaasConfigPassThrough = {
TestTerraformConfluentPlatformExample 2022-08-03T15:54:04Z logger.go:66:                               + directoryPathInContainer = (known after apply)
TestTerraformConfluentPlatformExample 2022-08-03T15:54:04Z logger.go:66:                               + secretRef                = (known after apply)
TestTerraformConfluentPlatformExample 2022-08-03T15:54:04Z logger.go:66:                             }
TestTerraformConfluentPlatformExample 2022-08-03T15:54:04Z logger.go:66:                           + oauthbearer           = {
TestTerraformConfluentPlatformExample 2022-08-03T15:54:04Z logger.go:66:                               + directoryPathInContainer = (known after apply)
TestTerraformConfluentPlatformExample 2022-08-03T15:54:04Z logger.go:66:                               + secretRef                = (known after apply)
TestTerraformConfluentPlatformExample 2022-08-03T15:54:04Z logger.go:66:                             }
TestTerraformConfluentPlatformExample 2022-08-03T15:54:04Z logger.go:66:                           + type                  = (known after apply)
TestTerraformConfluentPlatformExample 2022-08-03T15:54:04Z logger.go:66:                         }
TestTerraformConfluentPlatformExample 2022-08-03T15:54:04Z logger.go:66:                       + bootstrapEndpoint = (known after apply)
TestTerraformConfluentPlatformExample 2022-08-03T15:54:04Z logger.go:66:                       + endpoint          = (known after apply)
TestTerraformConfluentPlatformExample 2022-08-03T15:54:04Z logger.go:66:                       + tls               = {
TestTerraformConfluentPlatformExample 2022-08-03T15:54:04Z logger.go:66:                           + directoryPathInContainer = (known after apply)
TestTerraformConfluentPlatformExample 2022-08-03T15:54:04Z logger.go:66:                           + enabled                  = (known after apply)
TestTerraformConfluentPlatformExample 2022-08-03T15:54:04Z logger.go:66:                           + ignoreTrustStoreConfig   = (known after apply)
TestTerraformConfluentPlatformExample 2022-08-03T15:54:04Z logger.go:66:                           + jksPassword              = {
TestTerraformConfluentPlatformExample 2022-08-03T15:54:04Z logger.go:66:                               + secretRef = (known after apply)
TestTerraformConfluentPlatformExample 2022-08-03T15:54:04Z logger.go:66:                             }
TestTerraformConfluentPlatformExample 2022-08-03T15:54:04Z logger.go:66:                           + secretRef                = (known after apply)
TestTerraformConfluentPlatformExample 2022-08-03T15:54:04Z logger.go:66:                         }
TestTerraformConfluentPlatformExample 2022-08-03T15:54:04Z logger.go:66:                     }
TestTerraformConfluentPlatformExample 2022-08-03T15:54:04Z logger.go:66:                   + mds            = {
TestTerraformConfluentPlatformExample 2022-08-03T15:54:04Z logger.go:66:                       + endpoint     = (known after apply)
TestTerraformConfluentPlatformExample 2022-08-03T15:54:04Z logger.go:66:                       + kafka        = {
TestTerraformConfluentPlatformExample 2022-08-03T15:54:04Z logger.go:66:                           + authentication    = {
TestTerraformConfluentPlatformExample 2022-08-03T15:54:04Z logger.go:66:                               + jaasConfig            = {
TestTerraformConfluentPlatformExample 2022-08-03T15:54:04Z logger.go:66:                                   + secretRef = (known after apply)
TestTerraformConfluentPlatformExample 2022-08-03T15:54:04Z logger.go:66:                                 }
TestTerraformConfluentPlatformExample 2022-08-03T15:54:04Z logger.go:66:                               + jaasConfigPassThrough = {
TestTerraformConfluentPlatformExample 2022-08-03T15:54:04Z logger.go:66:                                   + directoryPathInContainer = (known after apply)
TestTerraformConfluentPlatformExample 2022-08-03T15:54:04Z logger.go:66:                                   + secretRef                = (known after apply)
TestTerraformConfluentPlatformExample 2022-08-03T15:54:04Z logger.go:66:                                 }
TestTerraformConfluentPlatformExample 2022-08-03T15:54:04Z logger.go:66:                               + oauthbearer           = {
TestTerraformConfluentPlatformExample 2022-08-03T15:54:04Z logger.go:66:                                   + directoryPathInContainer = (known after apply)
TestTerraformConfluentPlatformExample 2022-08-03T15:54:04Z logger.go:66:                                   + secretRef                = (known after apply)
TestTerraformConfluentPlatformExample 2022-08-03T15:54:04Z logger.go:66:                                 }
TestTerraformConfluentPlatformExample 2022-08-03T15:54:04Z logger.go:66:                               + type                  = (known after apply)
TestTerraformConfluentPlatformExample 2022-08-03T15:54:04Z logger.go:66:                             }
TestTerraformConfluentPlatformExample 2022-08-03T15:54:04Z logger.go:66:                           + bootstrapEndpoint = (known after apply)
TestTerraformConfluentPlatformExample 2022-08-03T15:54:04Z logger.go:66:                           + discovery         = {
TestTerraformConfluentPlatformExample 2022-08-03T15:54:04Z logger.go:66:                               + name      = (known after apply)
TestTerraformConfluentPlatformExample 2022-08-03T15:54:04Z logger.go:66:                               + namespace = (known after apply)
TestTerraformConfluentPlatformExample 2022-08-03T15:54:04Z logger.go:66:                               + secretRef = (known after apply)
TestTerraformConfluentPlatformExample 2022-08-03T15:54:04Z logger.go:66:                             }
TestTerraformConfluentPlatformExample 2022-08-03T15:54:04Z logger.go:66:                           + tls               = {
TestTerraformConfluentPlatformExample 2022-08-03T15:54:04Z logger.go:66:                               + directoryPathInContainer = (known after apply)
TestTerraformConfluentPlatformExample 2022-08-03T15:54:04Z logger.go:66:                               + enabled                  = (known after apply)
TestTerraformConfluentPlatformExample 2022-08-03T15:54:04Z logger.go:66:                               + ignoreTrustStoreConfig   = (known after apply)
TestTerraformConfluentPlatformExample 2022-08-03T15:54:04Z logger.go:66:                               + jksPassword              = {
TestTerraformConfluentPlatformExample 2022-08-03T15:54:04Z logger.go:66:                                   + secretRef = (known after apply)
TestTerraformConfluentPlatformExample 2022-08-03T15:54:04Z logger.go:66:                                 }
TestTerraformConfluentPlatformExample 2022-08-03T15:54:04Z logger.go:66:                               + secretRef                = (known after apply)
TestTerraformConfluentPlatformExample 2022-08-03T15:54:04Z logger.go:66:                             }
TestTerraformConfluentPlatformExample 2022-08-03T15:54:04Z logger.go:66:                         }
TestTerraformConfluentPlatformExample 2022-08-03T15:54:04Z logger.go:66:                       + tls          = {
TestTerraformConfluentPlatformExample 2022-08-03T15:54:04Z logger.go:66:                           + directoryPathInContainer = (known after apply)
TestTerraformConfluentPlatformExample 2022-08-03T15:54:04Z logger.go:66:                           + enabled                  = (known after apply)
TestTerraformConfluentPlatformExample 2022-08-03T15:54:04Z logger.go:66:                           + ignoreTrustStoreConfig   = (known after apply)
TestTerraformConfluentPlatformExample 2022-08-03T15:54:04Z logger.go:66:                           + jksPassword              = {
TestTerraformConfluentPlatformExample 2022-08-03T15:54:04Z logger.go:66:                               + secretRef = (known after apply)
TestTerraformConfluentPlatformExample 2022-08-03T15:54:04Z logger.go:66:                             }
TestTerraformConfluentPlatformExample 2022-08-03T15:54:04Z logger.go:66:                           + secretRef                = (known after apply)
TestTerraformConfluentPlatformExample 2022-08-03T15:54:04Z logger.go:66:                         }
TestTerraformConfluentPlatformExample 2022-08-03T15:54:04Z logger.go:66:                       + tokenKeyPair = {
TestTerraformConfluentPlatformExample 2022-08-03T15:54:04Z logger.go:66:                           + directoryPathInContainer = (known after apply)
TestTerraformConfluentPlatformExample 2022-08-03T15:54:04Z logger.go:66:                           + secretRef                = (known after apply)
TestTerraformConfluentPlatformExample 2022-08-03T15:54:04Z logger.go:66:                         }
TestTerraformConfluentPlatformExample 2022-08-03T15:54:04Z logger.go:66:                     }
TestTerraformConfluentPlatformExample 2022-08-03T15:54:04Z logger.go:66:                   + schemaRegistry = {
TestTerraformConfluentPlatformExample 2022-08-03T15:54:04Z logger.go:66:                       + authentication = {
TestTerraformConfluentPlatformExample 2022-08-03T15:54:04Z logger.go:66:                           + basic = {
TestTerraformConfluentPlatformExample 2022-08-03T15:54:04Z logger.go:66:                               + debug                    = (known after apply)
TestTerraformConfluentPlatformExample 2022-08-03T15:54:04Z logger.go:66:                               + directoryPathInContainer = (known after apply)
TestTerraformConfluentPlatformExample 2022-08-03T15:54:04Z logger.go:66:                               + restrictedRoles          = (known after apply)
TestTerraformConfluentPlatformExample 2022-08-03T15:54:04Z logger.go:66:                               + roles                    = (known after apply)
TestTerraformConfluentPlatformExample 2022-08-03T15:54:04Z logger.go:66:                               + secretRef                = (known after apply)
TestTerraformConfluentPlatformExample 2022-08-03T15:54:04Z logger.go:66:                             }
TestTerraformConfluentPlatformExample 2022-08-03T15:54:04Z logger.go:66:                           + type  = (known after apply)
TestTerraformConfluentPlatformExample 2022-08-03T15:54:04Z logger.go:66:                         }
TestTerraformConfluentPlatformExample 2022-08-03T15:54:04Z logger.go:66:                       + tls            = {
TestTerraformConfluentPlatformExample 2022-08-03T15:54:04Z logger.go:66:                           + directoryPathInContainer = (known after apply)
TestTerraformConfluentPlatformExample 2022-08-03T15:54:04Z logger.go:66:                           + enabled                  = (known after apply)
TestTerraformConfluentPlatformExample 2022-08-03T15:54:04Z logger.go:66:                           + ignoreTrustStoreConfig   = (known after apply)
TestTerraformConfluentPlatformExample 2022-08-03T15:54:04Z logger.go:66:                           + jksPassword              = {
TestTerraformConfluentPlatformExample 2022-08-03T15:54:04Z logger.go:66:                               + secretRef = (known after apply)
TestTerraformConfluentPlatformExample 2022-08-03T15:54:04Z logger.go:66:                             }
TestTerraformConfluentPlatformExample 2022-08-03T15:54:04Z logger.go:66:                           + secretRef                = (known after apply)
TestTerraformConfluentPlatformExample 2022-08-03T15:54:04Z logger.go:66:                         }
TestTerraformConfluentPlatformExample 2022-08-03T15:54:04Z logger.go:66:                       + url            = (known after apply)
TestTerraformConfluentPlatformExample 2022-08-03T15:54:04Z logger.go:66:                     }
TestTerraformConfluentPlatformExample 2022-08-03T15:54:04Z logger.go:66:                   + zookeeper      = {
TestTerraformConfluentPlatformExample 2022-08-03T15:54:04Z logger.go:66:                       + authentication = {
TestTerraformConfluentPlatformExample 2022-08-03T15:54:04Z logger.go:66:                           + jaasConfig            = {
TestTerraformConfluentPlatformExample 2022-08-03T15:54:04Z logger.go:66:                               + secretRef = (known after apply)
TestTerraformConfluentPlatformExample 2022-08-03T15:54:04Z logger.go:66:                             }
TestTerraformConfluentPlatformExample 2022-08-03T15:54:04Z logger.go:66:                           + jaasConfigPassThrough = {
TestTerraformConfluentPlatformExample 2022-08-03T15:54:04Z logger.go:66:                               + directoryPathInContainer = (known after apply)
TestTerraformConfluentPlatformExample 2022-08-03T15:54:04Z logger.go:66:                               + secretRef                = (known after apply)
TestTerraformConfluentPlatformExample 2022-08-03T15:54:04Z logger.go:66:                             }
TestTerraformConfluentPlatformExample 2022-08-03T15:54:04Z logger.go:66:                           + oauthbearer           = {
TestTerraformConfluentPlatformExample 2022-08-03T15:54:04Z logger.go:66:                               + directoryPathInContainer = (known after apply)
TestTerraformConfluentPlatformExample 2022-08-03T15:54:04Z logger.go:66:                               + secretRef                = (known after apply)
TestTerraformConfluentPlatformExample 2022-08-03T15:54:04Z logger.go:66:                             }
TestTerraformConfluentPlatformExample 2022-08-03T15:54:04Z logger.go:66:                           + type                  = (known after apply)
TestTerraformConfluentPlatformExample 2022-08-03T15:54:04Z logger.go:66:                         }
TestTerraformConfluentPlatformExample 2022-08-03T15:54:04Z logger.go:66:                       + discovery      = {
TestTerraformConfluentPlatformExample 2022-08-03T15:54:04Z logger.go:66:                           + name      = (known after apply)
TestTerraformConfluentPlatformExample 2022-08-03T15:54:04Z logger.go:66:                           + namespace = (known after apply)
TestTerraformConfluentPlatformExample 2022-08-03T15:54:04Z logger.go:66:                           + secretRef = (known after apply)
TestTerraformConfluentPlatformExample 2022-08-03T15:54:04Z logger.go:66:                         }
TestTerraformConfluentPlatformExample 2022-08-03T15:54:04Z logger.go:66:                       + endpoint       = (known after apply)
TestTerraformConfluentPlatformExample 2022-08-03T15:54:04Z logger.go:66:                       + tls            = {
TestTerraformConfluentPlatformExample 2022-08-03T15:54:04Z logger.go:66:                           + directoryPathInContainer = (known after apply)
TestTerraformConfluentPlatformExample 2022-08-03T15:54:04Z logger.go:66:                           + enabled                  = (known after apply)
TestTerraformConfluentPlatformExample 2022-08-03T15:54:04Z logger.go:66:                           + ignoreTrustStoreConfig   = (known after apply)
TestTerraformConfluentPlatformExample 2022-08-03T15:54:04Z logger.go:66:                           + jksPassword              = {
TestTerraformConfluentPlatformExample 2022-08-03T15:54:04Z logger.go:66:                               + secretRef = (known after apply)
TestTerraformConfluentPlatformExample 2022-08-03T15:54:04Z logger.go:66:                             }
TestTerraformConfluentPlatformExample 2022-08-03T15:54:04Z logger.go:66:                           + secretRef                = (known after apply)
TestTerraformConfluentPlatformExample 2022-08-03T15:54:04Z logger.go:66:                         }
TestTerraformConfluentPlatformExample 2022-08-03T15:54:04Z logger.go:66:                     }
TestTerraformConfluentPlatformExample 2022-08-03T15:54:04Z logger.go:66:                 }
TestTerraformConfluentPlatformExample 2022-08-03T15:54:04Z logger.go:66:               + headlessService    = {
TestTerraformConfluentPlatformExample 2022-08-03T15:54:04Z logger.go:66:                   + annotations              = (known after apply)
TestTerraformConfluentPlatformExample 2022-08-03T15:54:04Z logger.go:66:                   + labels                   = (known after apply)
TestTerraformConfluentPlatformExample 2022-08-03T15:54:04Z logger.go:66:                   + publishNotReadyAddresses = (known after apply)
TestTerraformConfluentPlatformExample 2022-08-03T15:54:04Z logger.go:66:                 }
TestTerraformConfluentPlatformExample 2022-08-03T15:54:04Z logger.go:66:               + identityProvider   = {
TestTerraformConfluentPlatformExample 2022-08-03T15:54:04Z logger.go:66:                   + ldap = {
TestTerraformConfluentPlatformExample 2022-08-03T15:54:04Z logger.go:66:                       + address        = (known after apply)
TestTerraformConfluentPlatformExample 2022-08-03T15:54:04Z logger.go:66:                       + authentication = {
TestTerraformConfluentPlatformExample 2022-08-03T15:54:04Z logger.go:66:                           + simple = {
TestTerraformConfluentPlatformExample 2022-08-03T15:54:04Z logger.go:66:                               + directoryPathInContainer = (known after apply)
TestTerraformConfluentPlatformExample 2022-08-03T15:54:04Z logger.go:66:                               + secretRef                = (known after apply)
TestTerraformConfluentPlatformExample 2022-08-03T15:54:04Z logger.go:66:                             }
TestTerraformConfluentPlatformExample 2022-08-03T15:54:04Z logger.go:66:                           + type   = (known after apply)
TestTerraformConfluentPlatformExample 2022-08-03T15:54:04Z logger.go:66:                         }
TestTerraformConfluentPlatformExample 2022-08-03T15:54:04Z logger.go:66:                       + configurations = {
TestTerraformConfluentPlatformExample 2022-08-03T15:54:04Z logger.go:66:                           + groupMemberAttribute         = (known after apply)
TestTerraformConfluentPlatformExample 2022-08-03T15:54:04Z logger.go:66:                           + groupMemberAttributePattern  = (known after apply)
TestTerraformConfluentPlatformExample 2022-08-03T15:54:04Z logger.go:66:                           + groupNameAttribute           = (known after apply)
TestTerraformConfluentPlatformExample 2022-08-03T15:54:04Z logger.go:66:                           + groupObjectClass             = (known after apply)
TestTerraformConfluentPlatformExample 2022-08-03T15:54:04Z logger.go:66:                           + groupSearchBase              = (known after apply)
TestTerraformConfluentPlatformExample 2022-08-03T15:54:04Z logger.go:66:                           + groupSearchFilter            = (known after apply)
TestTerraformConfluentPlatformExample 2022-08-03T15:54:04Z logger.go:66:                           + groupSearchScope             = (known after apply)
TestTerraformConfluentPlatformExample 2022-08-03T15:54:04Z logger.go:66:                           + userMemberOfAttributePattern = (known after apply)
TestTerraformConfluentPlatformExample 2022-08-03T15:54:04Z logger.go:66:                           + userNameAttribute            = (known after apply)
TestTerraformConfluentPlatformExample 2022-08-03T15:54:04Z logger.go:66:                           + userObjectClass              = (known after apply)
TestTerraformConfluentPlatformExample 2022-08-03T15:54:04Z logger.go:66:                           + userSearchBase               = (known after apply)
TestTerraformConfluentPlatformExample 2022-08-03T15:54:04Z logger.go:66:                           + userSearchFilter             = (known after apply)
TestTerraformConfluentPlatformExample 2022-08-03T15:54:04Z logger.go:66:                           + userSearchScope              = (known after apply)
TestTerraformConfluentPlatformExample 2022-08-03T15:54:04Z logger.go:66:                         }
TestTerraformConfluentPlatformExample 2022-08-03T15:54:04Z logger.go:66:                       + tls            = {
TestTerraformConfluentPlatformExample 2022-08-03T15:54:04Z logger.go:66:                           + directoryPathInContainer = (known after apply)
TestTerraformConfluentPlatformExample 2022-08-03T15:54:04Z logger.go:66:                           + enabled                  = (known after apply)
TestTerraformConfluentPlatformExample 2022-08-03T15:54:04Z logger.go:66:                           + ignoreTrustStoreConfig   = (known after apply)
TestTerraformConfluentPlatformExample 2022-08-03T15:54:04Z logger.go:66:                           + jksPassword              = {
TestTerraformConfluentPlatformExample 2022-08-03T15:54:04Z logger.go:66:                               + secretRef = (known after apply)
TestTerraformConfluentPlatformExample 2022-08-03T15:54:04Z logger.go:66:                             }
TestTerraformConfluentPlatformExample 2022-08-03T15:54:04Z logger.go:66:                           + secretRef                = (known after apply)
TestTerraformConfluentPlatformExample 2022-08-03T15:54:04Z logger.go:66:                         }
TestTerraformConfluentPlatformExample 2022-08-03T15:54:04Z logger.go:66:                     }
TestTerraformConfluentPlatformExample 2022-08-03T15:54:04Z logger.go:66:                   + type = (known after apply)
TestTerraformConfluentPlatformExample 2022-08-03T15:54:04Z logger.go:66:                 }
TestTerraformConfluentPlatformExample 2022-08-03T15:54:04Z logger.go:66:               + image              = {
TestTerraformConfluentPlatformExample 2022-08-03T15:54:04Z logger.go:66:                   + application   = "confluentinc/cp-server:7.2.0"
TestTerraformConfluentPlatformExample 2022-08-03T15:54:04Z logger.go:66:                   + init          = "confluentinc/confluent-init-container:2.4.0"
TestTerraformConfluentPlatformExample 2022-08-03T15:54:04Z logger.go:66:                   + pullPolicy    = (known after apply)
TestTerraformConfluentPlatformExample 2022-08-03T15:54:04Z logger.go:66:                   + pullSecretRef = (known after apply)
TestTerraformConfluentPlatformExample 2022-08-03T15:54:04Z logger.go:66:                 }
TestTerraformConfluentPlatformExample 2022-08-03T15:54:04Z logger.go:66:               + injectAnnotations  = (known after apply)
TestTerraformConfluentPlatformExample 2022-08-03T15:54:04Z logger.go:66:               + injectLabels       = (known after apply)
TestTerraformConfluentPlatformExample 2022-08-03T15:54:04Z logger.go:66:               + k8sClusterDomain   = (known after apply)
TestTerraformConfluentPlatformExample 2022-08-03T15:54:04Z logger.go:66:               + license            = {
TestTerraformConfluentPlatformExample 2022-08-03T15:54:04Z logger.go:66:                   + directoryPathInContainer = (known after apply)
TestTerraformConfluentPlatformExample 2022-08-03T15:54:04Z logger.go:66:                   + globalLicense            = (known after apply)
TestTerraformConfluentPlatformExample 2022-08-03T15:54:04Z logger.go:66:                   + secretRef                = (known after apply)
TestTerraformConfluentPlatformExample 2022-08-03T15:54:04Z logger.go:66:                 }
TestTerraformConfluentPlatformExample 2022-08-03T15:54:04Z logger.go:66:               + listeners          = {
TestTerraformConfluentPlatformExample 2022-08-03T15:54:04Z logger.go:66:                   + custom   = (known after apply)
TestTerraformConfluentPlatformExample 2022-08-03T15:54:04Z logger.go:66:                   + external = {
TestTerraformConfluentPlatformExample 2022-08-03T15:54:04Z logger.go:66:                       + authentication = {
TestTerraformConfluentPlatformExample 2022-08-03T15:54:04Z logger.go:66:                           + jaasConfig            = {
TestTerraformConfluentPlatformExample 2022-08-03T15:54:04Z logger.go:66:                               + secretRef = (known after apply)
TestTerraformConfluentPlatformExample 2022-08-03T15:54:04Z logger.go:66:                             }
TestTerraformConfluentPlatformExample 2022-08-03T15:54:04Z logger.go:66:                           + jaasConfigPassThrough = {
TestTerraformConfluentPlatformExample 2022-08-03T15:54:04Z logger.go:66:                               + directoryPathInContainer = (known after apply)
TestTerraformConfluentPlatformExample 2022-08-03T15:54:04Z logger.go:66:                               + secretRef                = (known after apply)
TestTerraformConfluentPlatformExample 2022-08-03T15:54:04Z logger.go:66:                             }
TestTerraformConfluentPlatformExample 2022-08-03T15:54:04Z logger.go:66:                           + principalMappingRules = (known after apply)
TestTerraformConfluentPlatformExample 2022-08-03T15:54:04Z logger.go:66:                           + type                  = (known after apply)
TestTerraformConfluentPlatformExample 2022-08-03T15:54:04Z logger.go:66:                         }
TestTerraformConfluentPlatformExample 2022-08-03T15:54:04Z logger.go:66:                       + externalAccess = {
TestTerraformConfluentPlatformExample 2022-08-03T15:54:04Z logger.go:66:                           + loadBalancer              = {
TestTerraformConfluentPlatformExample 2022-08-03T15:54:04Z logger.go:66:                               + advertisedPort           = (known after apply)
TestTerraformConfluentPlatformExample 2022-08-03T15:54:04Z logger.go:66:                               + annotations              = (known after apply)
TestTerraformConfluentPlatformExample 2022-08-03T15:54:04Z logger.go:66:                               + bootstrapPrefix          = (known after apply)
TestTerraformConfluentPlatformExample 2022-08-03T15:54:04Z logger.go:66:                               + brokerPrefix             = (known after apply)
TestTerraformConfluentPlatformExample 2022-08-03T15:54:04Z logger.go:66:                               + domain                   = (known after apply)
TestTerraformConfluentPlatformExample 2022-08-03T15:54:04Z logger.go:66:                               + externalTrafficPolicy    = (known after apply)
TestTerraformConfluentPlatformExample 2022-08-03T15:54:04Z logger.go:66:                               + labels                   = (known after apply)
TestTerraformConfluentPlatformExample 2022-08-03T15:54:04Z logger.go:66:                               + loadBalancerSourceRanges = (known after apply)
TestTerraformConfluentPlatformExample 2022-08-03T15:54:04Z logger.go:66:                               + servicePorts             = (known after apply)
TestTerraformConfluentPlatformExample 2022-08-03T15:54:04Z logger.go:66:                               + sessionAffinity          = (known after apply)
TestTerraformConfluentPlatformExample 2022-08-03T15:54:04Z logger.go:66:                               + sessionAffinityConfig    = {
TestTerraformConfluentPlatformExample 2022-08-03T15:54:04Z logger.go:66:                                   + clientIP = {
TestTerraformConfluentPlatformExample 2022-08-03T15:54:04Z logger.go:66:                                       + timeoutSeconds = (known after apply)
TestTerraformConfluentPlatformExample 2022-08-03T15:54:04Z logger.go:66:                                     }
TestTerraformConfluentPlatformExample 2022-08-03T15:54:04Z logger.go:66:                                 }
TestTerraformConfluentPlatformExample 2022-08-03T15:54:04Z logger.go:66:                             }
TestTerraformConfluentPlatformExample 2022-08-03T15:54:04Z logger.go:66:                           + nodePort                  = {
TestTerraformConfluentPlatformExample 2022-08-03T15:54:04Z logger.go:66:                               + advertisedURL         = {
TestTerraformConfluentPlatformExample 2022-08-03T15:54:04Z logger.go:66:                                   + enabled = (known after apply)
TestTerraformConfluentPlatformExample 2022-08-03T15:54:04Z logger.go:66:                                   + prefix  = (known after apply)
TestTerraformConfluentPlatformExample 2022-08-03T15:54:04Z logger.go:66:                                 }
TestTerraformConfluentPlatformExample 2022-08-03T15:54:04Z logger.go:66:                               + annotations           = (known after apply)
TestTerraformConfluentPlatformExample 2022-08-03T15:54:04Z logger.go:66:                               + externalTrafficPolicy = (known after apply)
TestTerraformConfluentPlatformExample 2022-08-03T15:54:04Z logger.go:66:                               + host                  = (known after apply)
TestTerraformConfluentPlatformExample 2022-08-03T15:54:04Z logger.go:66:                               + labels                = (known after apply)
TestTerraformConfluentPlatformExample 2022-08-03T15:54:04Z logger.go:66:                               + nodePortOffset        = (known after apply)
TestTerraformConfluentPlatformExample 2022-08-03T15:54:04Z logger.go:66:                               + servicePorts          = (known after apply)
TestTerraformConfluentPlatformExample 2022-08-03T15:54:04Z logger.go:66:                               + sessionAffinity       = (known after apply)
TestTerraformConfluentPlatformExample 2022-08-03T15:54:04Z logger.go:66:                               + sessionAffinityConfig = {
TestTerraformConfluentPlatformExample 2022-08-03T15:54:04Z logger.go:66:                                   + clientIP = {
TestTerraformConfluentPlatformExample 2022-08-03T15:54:04Z logger.go:66:                                       + timeoutSeconds = (known after apply)
TestTerraformConfluentPlatformExample 2022-08-03T15:54:04Z logger.go:66:                                     }
TestTerraformConfluentPlatformExample 2022-08-03T15:54:04Z logger.go:66:                                 }
TestTerraformConfluentPlatformExample 2022-08-03T15:54:04Z logger.go:66:                             }
TestTerraformConfluentPlatformExample 2022-08-03T15:54:04Z logger.go:66:                           + route                     = {
TestTerraformConfluentPlatformExample 2022-08-03T15:54:04Z logger.go:66:                               + annotations     = (known after apply)
TestTerraformConfluentPlatformExample 2022-08-03T15:54:04Z logger.go:66:                               + bootstrapPrefix = (known after apply)
TestTerraformConfluentPlatformExample 2022-08-03T15:54:04Z logger.go:66:                               + brokerPrefix    = (known after apply)
TestTerraformConfluentPlatformExample 2022-08-03T15:54:04Z logger.go:66:                               + domain          = (known after apply)
TestTerraformConfluentPlatformExample 2022-08-03T15:54:04Z logger.go:66:                               + labels          = (known after apply)
TestTerraformConfluentPlatformExample 2022-08-03T15:54:04Z logger.go:66:                               + wildcardPolicy  = (known after apply)
TestTerraformConfluentPlatformExample 2022-08-03T15:54:04Z logger.go:66:                             }
TestTerraformConfluentPlatformExample 2022-08-03T15:54:04Z logger.go:66:                           + staticForHostBasedRouting = {
TestTerraformConfluentPlatformExample 2022-08-03T15:54:04Z logger.go:66:                               + brokerPrefix = (known after apply)
TestTerraformConfluentPlatformExample 2022-08-03T15:54:04Z logger.go:66:                               + domain       = (known after apply)
TestTerraformConfluentPlatformExample 2022-08-03T15:54:04Z logger.go:66:                               + port         = (known after apply)
TestTerraformConfluentPlatformExample 2022-08-03T15:54:04Z logger.go:66:                             }
TestTerraformConfluentPlatformExample 2022-08-03T15:54:04Z logger.go:66:                           + staticForPortBasedRouting = {
TestTerraformConfluentPlatformExample 2022-08-03T15:54:04Z logger.go:66:                               + host       = (known after apply)
TestTerraformConfluentPlatformExample 2022-08-03T15:54:04Z logger.go:66:                               + portOffset = (known after apply)
TestTerraformConfluentPlatformExample 2022-08-03T15:54:04Z logger.go:66:                             }
TestTerraformConfluentPlatformExample 2022-08-03T15:54:04Z logger.go:66:                           + type                      = (known after apply)
TestTerraformConfluentPlatformExample 2022-08-03T15:54:04Z logger.go:66:                         }
TestTerraformConfluentPlatformExample 2022-08-03T15:54:04Z logger.go:66:                       + tls            = {
TestTerraformConfluentPlatformExample 2022-08-03T15:54:04Z logger.go:66:                           + directoryPathInContainer = (known after apply)
TestTerraformConfluentPlatformExample 2022-08-03T15:54:04Z logger.go:66:                           + enabled                  = (known after apply)
TestTerraformConfluentPlatformExample 2022-08-03T15:54:04Z logger.go:66:                           + ignoreTrustStoreConfig   = (known after apply)
TestTerraformConfluentPlatformExample 2022-08-03T15:54:04Z logger.go:66:                           + jksPassword              = {
TestTerraformConfluentPlatformExample 2022-08-03T15:54:04Z logger.go:66:                               + secretRef = (known after apply)
TestTerraformConfluentPlatformExample 2022-08-03T15:54:04Z logger.go:66:                             }
TestTerraformConfluentPlatformExample 2022-08-03T15:54:04Z logger.go:66:                           + secretRef                = (known after apply)
TestTerraformConfluentPlatformExample 2022-08-03T15:54:04Z logger.go:66:                         }
TestTerraformConfluentPlatformExample 2022-08-03T15:54:04Z logger.go:66:                     }
TestTerraformConfluentPlatformExample 2022-08-03T15:54:04Z logger.go:66:                   + internal = {
TestTerraformConfluentPlatformExample 2022-08-03T15:54:04Z logger.go:66:                       + authentication = {
TestTerraformConfluentPlatformExample 2022-08-03T15:54:04Z logger.go:66:                           + jaasConfig            = {
TestTerraformConfluentPlatformExample 2022-08-03T15:54:04Z logger.go:66:                               + secretRef = (known after apply)
TestTerraformConfluentPlatformExample 2022-08-03T15:54:04Z logger.go:66:                             }
TestTerraformConfluentPlatformExample 2022-08-03T15:54:04Z logger.go:66:                           + jaasConfigPassThrough = {
TestTerraformConfluentPlatformExample 2022-08-03T15:54:04Z logger.go:66:                               + directoryPathInContainer = (known after apply)
TestTerraformConfluentPlatformExample 2022-08-03T15:54:04Z logger.go:66:                               + secretRef                = (known after apply)
TestTerraformConfluentPlatformExample 2022-08-03T15:54:04Z logger.go:66:                             }
TestTerraformConfluentPlatformExample 2022-08-03T15:54:04Z logger.go:66:                           + principalMappingRules = (known after apply)
TestTerraformConfluentPlatformExample 2022-08-03T15:54:04Z logger.go:66:                           + type                  = (known after apply)
TestTerraformConfluentPlatformExample 2022-08-03T15:54:04Z logger.go:66:                         }
TestTerraformConfluentPlatformExample 2022-08-03T15:54:04Z logger.go:66:                       + tls            = {
TestTerraformConfluentPlatformExample 2022-08-03T15:54:04Z logger.go:66:                           + directoryPathInContainer = (known after apply)
TestTerraformConfluentPlatformExample 2022-08-03T15:54:04Z logger.go:66:                           + enabled                  = (known after apply)
TestTerraformConfluentPlatformExample 2022-08-03T15:54:04Z logger.go:66:                           + ignoreTrustStoreConfig   = (known after apply)
TestTerraformConfluentPlatformExample 2022-08-03T15:54:04Z logger.go:66:                           + jksPassword              = {
TestTerraformConfluentPlatformExample 2022-08-03T15:54:04Z logger.go:66:                               + secretRef = (known after apply)
TestTerraformConfluentPlatformExample 2022-08-03T15:54:04Z logger.go:66:                             }
TestTerraformConfluentPlatformExample 2022-08-03T15:54:04Z logger.go:66:                           + secretRef                = (known after apply)
TestTerraformConfluentPlatformExample 2022-08-03T15:54:04Z logger.go:66:                         }
TestTerraformConfluentPlatformExample 2022-08-03T15:54:04Z logger.go:66:                     }
TestTerraformConfluentPlatformExample 2022-08-03T15:54:04Z logger.go:66:                 }
TestTerraformConfluentPlatformExample 2022-08-03T15:54:04Z logger.go:66:               + metricReporter     = {
TestTerraformConfluentPlatformExample 2022-08-03T15:54:04Z logger.go:66:                   + authentication    = {
TestTerraformConfluentPlatformExample 2022-08-03T15:54:04Z logger.go:66:                       + jaasConfig            = {
TestTerraformConfluentPlatformExample 2022-08-03T15:54:04Z logger.go:66:                           + secretRef = (known after apply)
TestTerraformConfluentPlatformExample 2022-08-03T15:54:04Z logger.go:66:                         }
TestTerraformConfluentPlatformExample 2022-08-03T15:54:04Z logger.go:66:                       + jaasConfigPassThrough = {
TestTerraformConfluentPlatformExample 2022-08-03T15:54:04Z logger.go:66:                           + directoryPathInContainer = (known after apply)
TestTerraformConfluentPlatformExample 2022-08-03T15:54:04Z logger.go:66:                           + secretRef                = (known after apply)
TestTerraformConfluentPlatformExample 2022-08-03T15:54:04Z logger.go:66:                         }
TestTerraformConfluentPlatformExample 2022-08-03T15:54:04Z logger.go:66:                       + oauthbearer           = {
TestTerraformConfluentPlatformExample 2022-08-03T15:54:04Z logger.go:66:                           + directoryPathInContainer = (known after apply)
TestTerraformConfluentPlatformExample 2022-08-03T15:54:04Z logger.go:66:                           + secretRef                = (known after apply)
TestTerraformConfluentPlatformExample 2022-08-03T15:54:04Z logger.go:66:                         }
TestTerraformConfluentPlatformExample 2022-08-03T15:54:04Z logger.go:66:                       + type                  = (known after apply)
TestTerraformConfluentPlatformExample 2022-08-03T15:54:04Z logger.go:66:                     }
TestTerraformConfluentPlatformExample 2022-08-03T15:54:04Z logger.go:66:                   + bootstrapEndpoint = (known after apply)
TestTerraformConfluentPlatformExample 2022-08-03T15:54:04Z logger.go:66:                   + enabled           = true
TestTerraformConfluentPlatformExample 2022-08-03T15:54:04Z logger.go:66:                   + replicationFactor = (known after apply)
TestTerraformConfluentPlatformExample 2022-08-03T15:54:04Z logger.go:66:                   + tls               = {
TestTerraformConfluentPlatformExample 2022-08-03T15:54:04Z logger.go:66:                       + directoryPathInContainer = (known after apply)
TestTerraformConfluentPlatformExample 2022-08-03T15:54:04Z logger.go:66:                       + enabled                  = (known after apply)
TestTerraformConfluentPlatformExample 2022-08-03T15:54:04Z logger.go:66:                       + ignoreTrustStoreConfig   = (known after apply)
TestTerraformConfluentPlatformExample 2022-08-03T15:54:04Z logger.go:66:                       + jksPassword              = {
TestTerraformConfluentPlatformExample 2022-08-03T15:54:04Z logger.go:66:                           + secretRef = (known after apply)
TestTerraformConfluentPlatformExample 2022-08-03T15:54:04Z logger.go:66:                         }
TestTerraformConfluentPlatformExample 2022-08-03T15:54:04Z logger.go:66:                       + secretRef                = (known after apply)
TestTerraformConfluentPlatformExample 2022-08-03T15:54:04Z logger.go:66:                     }
TestTerraformConfluentPlatformExample 2022-08-03T15:54:04Z logger.go:66:                 }
TestTerraformConfluentPlatformExample 2022-08-03T15:54:04Z logger.go:66:               + metrics            = {
TestTerraformConfluentPlatformExample 2022-08-03T15:54:04Z logger.go:66:                   + authentication = {
TestTerraformConfluentPlatformExample 2022-08-03T15:54:04Z logger.go:66:                       + type = (known after apply)
TestTerraformConfluentPlatformExample 2022-08-03T15:54:04Z logger.go:66:                     }
TestTerraformConfluentPlatformExample 2022-08-03T15:54:04Z logger.go:66:                   + prometheus     = {
TestTerraformConfluentPlatformExample 2022-08-03T15:54:04Z logger.go:66:                       + blacklist = (known after apply)
TestTerraformConfluentPlatformExample 2022-08-03T15:54:04Z logger.go:66:                       + rules     = (known after apply)
TestTerraformConfluentPlatformExample 2022-08-03T15:54:04Z logger.go:66:                       + whitelist = (known after apply)
TestTerraformConfluentPlatformExample 2022-08-03T15:54:04Z logger.go:66:                     }
TestTerraformConfluentPlatformExample 2022-08-03T15:54:04Z logger.go:66:                   + tls            = {
TestTerraformConfluentPlatformExample 2022-08-03T15:54:04Z logger.go:66:                       + directoryPathInContainer = (known after apply)
TestTerraformConfluentPlatformExample 2022-08-03T15:54:04Z logger.go:66:                       + enabled                  = (known after apply)
TestTerraformConfluentPlatformExample 2022-08-03T15:54:04Z logger.go:66:                       + ignoreTrustStoreConfig   = (known after apply)
TestTerraformConfluentPlatformExample 2022-08-03T15:54:04Z logger.go:66:                       + jksPassword              = {
TestTerraformConfluentPlatformExample 2022-08-03T15:54:04Z logger.go:66:                           + secretRef = (known after apply)
TestTerraformConfluentPlatformExample 2022-08-03T15:54:04Z logger.go:66:                         }
TestTerraformConfluentPlatformExample 2022-08-03T15:54:04Z logger.go:66:                       + secretRef                = (known after apply)
TestTerraformConfluentPlatformExample 2022-08-03T15:54:04Z logger.go:66:                     }
TestTerraformConfluentPlatformExample 2022-08-03T15:54:04Z logger.go:66:                 }
TestTerraformConfluentPlatformExample 2022-08-03T15:54:04Z logger.go:66:               + mountedSecrets     = (known after apply)
TestTerraformConfluentPlatformExample 2022-08-03T15:54:04Z logger.go:66:               + mountedVolumes     = {
TestTerraformConfluentPlatformExample 2022-08-03T15:54:04Z logger.go:66:                   + volumeMounts = (known after apply)
TestTerraformConfluentPlatformExample 2022-08-03T15:54:04Z logger.go:66:                   + volumes      = (known after apply)
TestTerraformConfluentPlatformExample 2022-08-03T15:54:04Z logger.go:66:                 }
TestTerraformConfluentPlatformExample 2022-08-03T15:54:04Z logger.go:66:               + oneReplicaPerNode  = (known after apply)
TestTerraformConfluentPlatformExample 2022-08-03T15:54:04Z logger.go:66:               + passwordEncoder    = {
TestTerraformConfluentPlatformExample 2022-08-03T15:54:04Z logger.go:66:                   + directoryPathInContainer = (known after apply)
TestTerraformConfluentPlatformExample 2022-08-03T15:54:04Z logger.go:66:                   + secretRef                = (known after apply)
TestTerraformConfluentPlatformExample 2022-08-03T15:54:04Z logger.go:66:                 }
TestTerraformConfluentPlatformExample 2022-08-03T15:54:04Z logger.go:66:               + podTemplate        = {
TestTerraformConfluentPlatformExample 2022-08-03T15:54:04Z logger.go:66:                   + affinity                      = {
TestTerraformConfluentPlatformExample 2022-08-03T15:54:04Z logger.go:66:                       + nodeAffinity    = {
TestTerraformConfluentPlatformExample 2022-08-03T15:54:04Z logger.go:66:                           + preferredDuringSchedulingIgnoredDuringExecution = (known after apply)
TestTerraformConfluentPlatformExample 2022-08-03T15:54:04Z logger.go:66:                           + requiredDuringSchedulingIgnoredDuringExecution  = {
TestTerraformConfluentPlatformExample 2022-08-03T15:54:04Z logger.go:66:                               + nodeSelectorTerms = (known after apply)
TestTerraformConfluentPlatformExample 2022-08-03T15:54:04Z logger.go:66:                             }
TestTerraformConfluentPlatformExample 2022-08-03T15:54:04Z logger.go:66:                         }
TestTerraformConfluentPlatformExample 2022-08-03T15:54:04Z logger.go:66:                       + podAffinity     = {
TestTerraformConfluentPlatformExample 2022-08-03T15:54:04Z logger.go:66:                           + preferredDuringSchedulingIgnoredDuringExecution = (known after apply)
TestTerraformConfluentPlatformExample 2022-08-03T15:54:04Z logger.go:66:                           + requiredDuringSchedulingIgnoredDuringExecution  = (known after apply)
TestTerraformConfluentPlatformExample 2022-08-03T15:54:04Z logger.go:66:                         }
TestTerraformConfluentPlatformExample 2022-08-03T15:54:04Z logger.go:66:                       + podAntiAffinity = {
TestTerraformConfluentPlatformExample 2022-08-03T15:54:04Z logger.go:66:                           + preferredDuringSchedulingIgnoredDuringExecution = (known after apply)
TestTerraformConfluentPlatformExample 2022-08-03T15:54:04Z logger.go:66:                           + requiredDuringSchedulingIgnoredDuringExecution  = (known after apply)
TestTerraformConfluentPlatformExample 2022-08-03T15:54:04Z logger.go:66:                         }
TestTerraformConfluentPlatformExample 2022-08-03T15:54:04Z logger.go:66:                     }
TestTerraformConfluentPlatformExample 2022-08-03T15:54:04Z logger.go:66:                   + annotations                   = (known after apply)
TestTerraformConfluentPlatformExample 2022-08-03T15:54:04Z logger.go:66:                   + envVars                       = (known after apply)
TestTerraformConfluentPlatformExample 2022-08-03T15:54:04Z logger.go:66:                   + labels                        = (known after apply)
TestTerraformConfluentPlatformExample 2022-08-03T15:54:04Z logger.go:66:                   + podSecurityContext            = {
TestTerraformConfluentPlatformExample 2022-08-03T15:54:04Z logger.go:66:                       + fsGroup             = (known after apply)
TestTerraformConfluentPlatformExample 2022-08-03T15:54:04Z logger.go:66:                       + fsGroupChangePolicy = (known after apply)
TestTerraformConfluentPlatformExample 2022-08-03T15:54:04Z logger.go:66:                       + runAsGroup          = (known after apply)
TestTerraformConfluentPlatformExample 2022-08-03T15:54:04Z logger.go:66:                       + runAsNonRoot        = (known after apply)
TestTerraformConfluentPlatformExample 2022-08-03T15:54:04Z logger.go:66:                       + runAsUser           = (known after apply)
TestTerraformConfluentPlatformExample 2022-08-03T15:54:04Z logger.go:66:                       + seLinuxOptions      = {
TestTerraformConfluentPlatformExample 2022-08-03T15:54:04Z logger.go:66:                           + level = (known after apply)
TestTerraformConfluentPlatformExample 2022-08-03T15:54:04Z logger.go:66:                           + role  = (known after apply)
TestTerraformConfluentPlatformExample 2022-08-03T15:54:04Z logger.go:66:                           + type  = (known after apply)
TestTerraformConfluentPlatformExample 2022-08-03T15:54:04Z logger.go:66:                           + user  = (known after apply)
TestTerraformConfluentPlatformExample 2022-08-03T15:54:04Z logger.go:66:                         }
TestTerraformConfluentPlatformExample 2022-08-03T15:54:04Z logger.go:66:                       + seccompProfile      = {
TestTerraformConfluentPlatformExample 2022-08-03T15:54:04Z logger.go:66:                           + localhostProfile = (known after apply)
TestTerraformConfluentPlatformExample 2022-08-03T15:54:04Z logger.go:66:                           + type             = (known after apply)
TestTerraformConfluentPlatformExample 2022-08-03T15:54:04Z logger.go:66:                         }
TestTerraformConfluentPlatformExample 2022-08-03T15:54:04Z logger.go:66:                       + supplementalGroups  = (known after apply)
TestTerraformConfluentPlatformExample 2022-08-03T15:54:04Z logger.go:66:                       + sysctls             = (known after apply)
TestTerraformConfluentPlatformExample 2022-08-03T15:54:04Z logger.go:66:                       + windowsOptions      = {
TestTerraformConfluentPlatformExample 2022-08-03T15:54:04Z logger.go:66:                           + gmsaCredentialSpec     = (known after apply)
TestTerraformConfluentPlatformExample 2022-08-03T15:54:04Z logger.go:66:                           + gmsaCredentialSpecName = (known after apply)
TestTerraformConfluentPlatformExample 2022-08-03T15:54:04Z logger.go:66:                           + hostProcess            = (known after apply)
TestTerraformConfluentPlatformExample 2022-08-03T15:54:04Z logger.go:66:                           + runAsUserName          = (known after apply)
TestTerraformConfluentPlatformExample 2022-08-03T15:54:04Z logger.go:66:                         }
TestTerraformConfluentPlatformExample 2022-08-03T15:54:04Z logger.go:66:                     }
TestTerraformConfluentPlatformExample 2022-08-03T15:54:04Z logger.go:66:                   + priorityClassName             = (known after apply)
TestTerraformConfluentPlatformExample 2022-08-03T15:54:04Z logger.go:66:                   + probe                         = {
TestTerraformConfluentPlatformExample 2022-08-03T15:54:04Z logger.go:66:                       + liveness  = {
TestTerraformConfluentPlatformExample 2022-08-03T15:54:04Z logger.go:66:                           + failureThreshold    = (known after apply)
TestTerraformConfluentPlatformExample 2022-08-03T15:54:04Z logger.go:66:                           + initialDelaySeconds = (known after apply)
TestTerraformConfluentPlatformExample 2022-08-03T15:54:04Z logger.go:66:                           + periodSeconds       = (known after apply)
TestTerraformConfluentPlatformExample 2022-08-03T15:54:04Z logger.go:66:                           + successThreshold    = (known after apply)
TestTerraformConfluentPlatformExample 2022-08-03T15:54:04Z logger.go:66:                           + timeoutSeconds      = (known after apply)
TestTerraformConfluentPlatformExample 2022-08-03T15:54:04Z logger.go:66:                         }
TestTerraformConfluentPlatformExample 2022-08-03T15:54:04Z logger.go:66:                       + readiness = {
TestTerraformConfluentPlatformExample 2022-08-03T15:54:04Z logger.go:66:                           + failureThreshold    = (known after apply)
TestTerraformConfluentPlatformExample 2022-08-03T15:54:04Z logger.go:66:                           + initialDelaySeconds = (known after apply)
TestTerraformConfluentPlatformExample 2022-08-03T15:54:04Z logger.go:66:                           + periodSeconds       = (known after apply)
TestTerraformConfluentPlatformExample 2022-08-03T15:54:04Z logger.go:66:                           + successThreshold    = (known after apply)
TestTerraformConfluentPlatformExample 2022-08-03T15:54:04Z logger.go:66:                           + timeoutSeconds      = (known after apply)
TestTerraformConfluentPlatformExample 2022-08-03T15:54:04Z logger.go:66:                         }
TestTerraformConfluentPlatformExample 2022-08-03T15:54:04Z logger.go:66:                     }
TestTerraformConfluentPlatformExample 2022-08-03T15:54:04Z logger.go:66:                   + resources                     = {
TestTerraformConfluentPlatformExample 2022-08-03T15:54:04Z logger.go:66:                       + limits   = (known after apply)
TestTerraformConfluentPlatformExample 2022-08-03T15:54:04Z logger.go:66:                       + requests = (known after apply)
TestTerraformConfluentPlatformExample 2022-08-03T15:54:04Z logger.go:66:                     }
TestTerraformConfluentPlatformExample 2022-08-03T15:54:04Z logger.go:66:                   + securityContext               = {
TestTerraformConfluentPlatformExample 2022-08-03T15:54:04Z logger.go:66:                       + allowPrivilegeEscalation = (known after apply)
TestTerraformConfluentPlatformExample 2022-08-03T15:54:04Z logger.go:66:                       + capabilities             = {
TestTerraformConfluentPlatformExample 2022-08-03T15:54:04Z logger.go:66:                           + add  = (known after apply)
TestTerraformConfluentPlatformExample 2022-08-03T15:54:04Z logger.go:66:                           + drop = (known after apply)
TestTerraformConfluentPlatformExample 2022-08-03T15:54:04Z logger.go:66:                         }
TestTerraformConfluentPlatformExample 2022-08-03T15:54:04Z logger.go:66:                       + privileged               = (known after apply)
TestTerraformConfluentPlatformExample 2022-08-03T15:54:04Z logger.go:66:                       + procMount                = (known after apply)
TestTerraformConfluentPlatformExample 2022-08-03T15:54:04Z logger.go:66:                       + readOnlyRootFilesystem   = (known after apply)
TestTerraformConfluentPlatformExample 2022-08-03T15:54:04Z logger.go:66:                       + runAsGroup               = (known after apply)
TestTerraformConfluentPlatformExample 2022-08-03T15:54:04Z logger.go:66:                       + runAsNonRoot             = (known after apply)
TestTerraformConfluentPlatformExample 2022-08-03T15:54:04Z logger.go:66:                       + runAsUser                = (known after apply)
TestTerraformConfluentPlatformExample 2022-08-03T15:54:04Z logger.go:66:                       + seLinuxOptions           = {
TestTerraformConfluentPlatformExample 2022-08-03T15:54:04Z logger.go:66:                           + level = (known after apply)
TestTerraformConfluentPlatformExample 2022-08-03T15:54:04Z logger.go:66:                           + role  = (known after apply)
TestTerraformConfluentPlatformExample 2022-08-03T15:54:04Z logger.go:66:                           + type  = (known after apply)
TestTerraformConfluentPlatformExample 2022-08-03T15:54:04Z logger.go:66:                           + user  = (known after apply)
TestTerraformConfluentPlatformExample 2022-08-03T15:54:04Z logger.go:66:                         }
TestTerraformConfluentPlatformExample 2022-08-03T15:54:04Z logger.go:66:                       + seccompProfile           = {
TestTerraformConfluentPlatformExample 2022-08-03T15:54:04Z logger.go:66:                           + localhostProfile = (known after apply)
TestTerraformConfluentPlatformExample 2022-08-03T15:54:04Z logger.go:66:                           + type             = (known after apply)
TestTerraformConfluentPlatformExample 2022-08-03T15:54:04Z logger.go:66:                         }
TestTerraformConfluentPlatformExample 2022-08-03T15:54:04Z logger.go:66:                       + windowsOptions           = {
TestTerraformConfluentPlatformExample 2022-08-03T15:54:04Z logger.go:66:                           + gmsaCredentialSpec     = (known after apply)
TestTerraformConfluentPlatformExample 2022-08-03T15:54:04Z logger.go:66:                           + gmsaCredentialSpecName = (known after apply)
TestTerraformConfluentPlatformExample 2022-08-03T15:54:04Z logger.go:66:                           + hostProcess            = (known after apply)
TestTerraformConfluentPlatformExample 2022-08-03T15:54:04Z logger.go:66:                           + runAsUserName          = (known after apply)
TestTerraformConfluentPlatformExample 2022-08-03T15:54:04Z logger.go:66:                         }
TestTerraformConfluentPlatformExample 2022-08-03T15:54:04Z logger.go:66:                     }
TestTerraformConfluentPlatformExample 2022-08-03T15:54:04Z logger.go:66:                   + serviceAccountName            = (known after apply)
TestTerraformConfluentPlatformExample 2022-08-03T15:54:04Z logger.go:66:                   + terminationGracePeriodSeconds = (known after apply)
TestTerraformConfluentPlatformExample 2022-08-03T15:54:04Z logger.go:66:                   + tolerations                   = (known after apply)
TestTerraformConfluentPlatformExample 2022-08-03T15:54:04Z logger.go:66:                   + topologySpreadConstraints     = (known after apply)
TestTerraformConfluentPlatformExample 2022-08-03T15:54:04Z logger.go:66:                 }
TestTerraformConfluentPlatformExample 2022-08-03T15:54:04Z logger.go:66:               + rackAssignment     = {
TestTerraformConfluentPlatformExample 2022-08-03T15:54:04Z logger.go:66:                   + availabilityZoneCount = (known after apply)
TestTerraformConfluentPlatformExample 2022-08-03T15:54:04Z logger.go:66:                   + nodeLabels            = (known after apply)
TestTerraformConfluentPlatformExample 2022-08-03T15:54:04Z logger.go:66:                 }
TestTerraformConfluentPlatformExample 2022-08-03T15:54:04Z logger.go:66:               + replicas           = 3
TestTerraformConfluentPlatformExample 2022-08-03T15:54:04Z logger.go:66:               + services           = {
TestTerraformConfluentPlatformExample 2022-08-03T15:54:04Z logger.go:66:                   + kafkaRest = {
TestTerraformConfluentPlatformExample 2022-08-03T15:54:04Z logger.go:66:                       + authentication = {
TestTerraformConfluentPlatformExample 2022-08-03T15:54:04Z logger.go:66:                           + basic = {
TestTerraformConfluentPlatformExample 2022-08-03T15:54:04Z logger.go:66:                               + debug                    = (known after apply)
TestTerraformConfluentPlatformExample 2022-08-03T15:54:04Z logger.go:66:                               + directoryPathInContainer = (known after apply)
TestTerraformConfluentPlatformExample 2022-08-03T15:54:04Z logger.go:66:                               + restrictedRoles          = (known after apply)
TestTerraformConfluentPlatformExample 2022-08-03T15:54:04Z logger.go:66:                               + roles                    = (known after apply)
TestTerraformConfluentPlatformExample 2022-08-03T15:54:04Z logger.go:66:                               + secretRef                = (known after apply)
TestTerraformConfluentPlatformExample 2022-08-03T15:54:04Z logger.go:66:                             }
TestTerraformConfluentPlatformExample 2022-08-03T15:54:04Z logger.go:66:                           + type  = (known after apply)
TestTerraformConfluentPlatformExample 2022-08-03T15:54:04Z logger.go:66:                         }
TestTerraformConfluentPlatformExample 2022-08-03T15:54:04Z logger.go:66:                       + externalAccess = {
TestTerraformConfluentPlatformExample 2022-08-03T15:54:04Z logger.go:66:                           + loadBalancer = {
TestTerraformConfluentPlatformExample 2022-08-03T15:54:04Z logger.go:66:                               + advertisedURL            = {
TestTerraformConfluentPlatformExample 2022-08-03T15:54:04Z logger.go:66:                                   + enabled = (known after apply)
TestTerraformConfluentPlatformExample 2022-08-03T15:54:04Z logger.go:66:                                   + prefix  = (known after apply)
TestTerraformConfluentPlatformExample 2022-08-03T15:54:04Z logger.go:66:                                 }
TestTerraformConfluentPlatformExample 2022-08-03T15:54:04Z logger.go:66:                               + annotations              = (known after apply)
TestTerraformConfluentPlatformExample 2022-08-03T15:54:04Z logger.go:66:                               + domain                   = (known after apply)
TestTerraformConfluentPlatformExample 2022-08-03T15:54:04Z logger.go:66:                               + externalTrafficPolicy    = (known after apply)
TestTerraformConfluentPlatformExample 2022-08-03T15:54:04Z logger.go:66:                               + labels                   = (known after apply)
TestTerraformConfluentPlatformExample 2022-08-03T15:54:04Z logger.go:66:                               + loadBalancerSourceRanges = (known after apply)
TestTerraformConfluentPlatformExample 2022-08-03T15:54:04Z logger.go:66:                               + port                     = (known after apply)
TestTerraformConfluentPlatformExample 2022-08-03T15:54:04Z logger.go:66:                               + prefix                   = (known after apply)
TestTerraformConfluentPlatformExample 2022-08-03T15:54:04Z logger.go:66:                               + servicePorts             = (known after apply)
TestTerraformConfluentPlatformExample 2022-08-03T15:54:04Z logger.go:66:                               + sessionAffinity          = (known after apply)
TestTerraformConfluentPlatformExample 2022-08-03T15:54:04Z logger.go:66:                               + sessionAffinityConfig    = {
TestTerraformConfluentPlatformExample 2022-08-03T15:54:04Z logger.go:66:                                   + clientIP = {
TestTerraformConfluentPlatformExample 2022-08-03T15:54:04Z logger.go:66:                                       + timeoutSeconds = (known after apply)
TestTerraformConfluentPlatformExample 2022-08-03T15:54:04Z logger.go:66:                                     }
TestTerraformConfluentPlatformExample 2022-08-03T15:54:04Z logger.go:66:                                 }
TestTerraformConfluentPlatformExample 2022-08-03T15:54:04Z logger.go:66:                             }
TestTerraformConfluentPlatformExample 2022-08-03T15:54:04Z logger.go:66:                           + nodePort     = {
TestTerraformConfluentPlatformExample 2022-08-03T15:54:04Z logger.go:66:                               + advertisedURL         = {
TestTerraformConfluentPlatformExample 2022-08-03T15:54:04Z logger.go:66:                                   + enabled = (known after apply)
TestTerraformConfluentPlatformExample 2022-08-03T15:54:04Z logger.go:66:                                   + prefix  = (known after apply)
TestTerraformConfluentPlatformExample 2022-08-03T15:54:04Z logger.go:66:                                 }
TestTerraformConfluentPlatformExample 2022-08-03T15:54:04Z logger.go:66:                               + annotations           = (known after apply)
TestTerraformConfluentPlatformExample 2022-08-03T15:54:04Z logger.go:66:                               + externalTrafficPolicy = (known after apply)
TestTerraformConfluentPlatformExample 2022-08-03T15:54:04Z logger.go:66:                               + host                  = (known after apply)
TestTerraformConfluentPlatformExample 2022-08-03T15:54:04Z logger.go:66:                               + labels                = (known after apply)
TestTerraformConfluentPlatformExample 2022-08-03T15:54:04Z logger.go:66:                               + nodePortOffset        = (known after apply)
TestTerraformConfluentPlatformExample 2022-08-03T15:54:04Z logger.go:66:                               + servicePorts          = (known after apply)
TestTerraformConfluentPlatformExample 2022-08-03T15:54:04Z logger.go:66:                               + sessionAffinity       = (known after apply)
TestTerraformConfluentPlatformExample 2022-08-03T15:54:04Z logger.go:66:                               + sessionAffinityConfig = {
TestTerraformConfluentPlatformExample 2022-08-03T15:54:04Z logger.go:66:                                   + clientIP = {
TestTerraformConfluentPlatformExample 2022-08-03T15:54:04Z logger.go:66:                                       + timeoutSeconds = (known after apply)
TestTerraformConfluentPlatformExample 2022-08-03T15:54:04Z logger.go:66:                                     }
TestTerraformConfluentPlatformExample 2022-08-03T15:54:04Z logger.go:66:                                 }
TestTerraformConfluentPlatformExample 2022-08-03T15:54:04Z logger.go:66:                             }
TestTerraformConfluentPlatformExample 2022-08-03T15:54:04Z logger.go:66:                           + route        = {
TestTerraformConfluentPlatformExample 2022-08-03T15:54:04Z logger.go:66:                               + annotations    = (known after apply)
TestTerraformConfluentPlatformExample 2022-08-03T15:54:04Z logger.go:66:                               + domain         = (known after apply)
TestTerraformConfluentPlatformExample 2022-08-03T15:54:04Z logger.go:66:                               + labels         = (known after apply)
TestTerraformConfluentPlatformExample 2022-08-03T15:54:04Z logger.go:66:                               + prefix         = (known after apply)
TestTerraformConfluentPlatformExample 2022-08-03T15:54:04Z logger.go:66:                               + wildcardPolicy = (known after apply)
TestTerraformConfluentPlatformExample 2022-08-03T15:54:04Z logger.go:66:                             }
TestTerraformConfluentPlatformExample 2022-08-03T15:54:04Z logger.go:66:                           + type         = (known after apply)
TestTerraformConfluentPlatformExample 2022-08-03T15:54:04Z logger.go:66:                         }
TestTerraformConfluentPlatformExample 2022-08-03T15:54:04Z logger.go:66:                       + tls            = {
TestTerraformConfluentPlatformExample 2022-08-03T15:54:04Z logger.go:66:                           + directoryPathInContainer = (known after apply)
TestTerraformConfluentPlatformExample 2022-08-03T15:54:04Z logger.go:66:                           + enabled                  = (known after apply)
TestTerraformConfluentPlatformExample 2022-08-03T15:54:04Z logger.go:66:                           + ignoreTrustStoreConfig   = (known after apply)
TestTerraformConfluentPlatformExample 2022-08-03T15:54:04Z logger.go:66:                           + jksPassword              = {
TestTerraformConfluentPlatformExample 2022-08-03T15:54:04Z logger.go:66:                               + secretRef = (known after apply)
TestTerraformConfluentPlatformExample 2022-08-03T15:54:04Z logger.go:66:                             }
TestTerraformConfluentPlatformExample 2022-08-03T15:54:04Z logger.go:66:                           + secretRef                = (known after apply)
TestTerraformConfluentPlatformExample 2022-08-03T15:54:04Z logger.go:66:                         }
TestTerraformConfluentPlatformExample 2022-08-03T15:54:04Z logger.go:66:                     }
TestTerraformConfluentPlatformExample 2022-08-03T15:54:04Z logger.go:66:                   + mds       = {
TestTerraformConfluentPlatformExample 2022-08-03T15:54:04Z logger.go:66:                       + authentication = {
TestTerraformConfluentPlatformExample 2022-08-03T15:54:04Z logger.go:66:                           + type = (known after apply)
TestTerraformConfluentPlatformExample 2022-08-03T15:54:04Z logger.go:66:                         }
TestTerraformConfluentPlatformExample 2022-08-03T15:54:04Z logger.go:66:                       + externalAccess = {
TestTerraformConfluentPlatformExample 2022-08-03T15:54:04Z logger.go:66:                           + loadBalancer = {
TestTerraformConfluentPlatformExample 2022-08-03T15:54:04Z logger.go:66:                               + advertisedURL            = {
TestTerraformConfluentPlatformExample 2022-08-03T15:54:04Z logger.go:66:                                   + enabled = (known after apply)
TestTerraformConfluentPlatformExample 2022-08-03T15:54:04Z logger.go:66:                                   + prefix  = (known after apply)
TestTerraformConfluentPlatformExample 2022-08-03T15:54:04Z logger.go:66:                                 }
TestTerraformConfluentPlatformExample 2022-08-03T15:54:04Z logger.go:66:                               + annotations              = (known after apply)
TestTerraformConfluentPlatformExample 2022-08-03T15:54:04Z logger.go:66:                               + domain                   = (known after apply)
TestTerraformConfluentPlatformExample 2022-08-03T15:54:04Z logger.go:66:                               + externalTrafficPolicy    = (known after apply)
TestTerraformConfluentPlatformExample 2022-08-03T15:54:04Z logger.go:66:                               + labels                   = (known after apply)
TestTerraformConfluentPlatformExample 2022-08-03T15:54:04Z logger.go:66:                               + loadBalancerSourceRanges = (known after apply)
TestTerraformConfluentPlatformExample 2022-08-03T15:54:04Z logger.go:66:                               + port                     = (known after apply)
TestTerraformConfluentPlatformExample 2022-08-03T15:54:04Z logger.go:66:                               + prefix                   = (known after apply)
TestTerraformConfluentPlatformExample 2022-08-03T15:54:04Z logger.go:66:                               + servicePorts             = (known after apply)
TestTerraformConfluentPlatformExample 2022-08-03T15:54:04Z logger.go:66:                               + sessionAffinity          = (known after apply)
TestTerraformConfluentPlatformExample 2022-08-03T15:54:04Z logger.go:66:                               + sessionAffinityConfig    = {
TestTerraformConfluentPlatformExample 2022-08-03T15:54:04Z logger.go:66:                                   + clientIP = {
TestTerraformConfluentPlatformExample 2022-08-03T15:54:04Z logger.go:66:                                       + timeoutSeconds = (known after apply)
TestTerraformConfluentPlatformExample 2022-08-03T15:54:04Z logger.go:66:                                     }
TestTerraformConfluentPlatformExample 2022-08-03T15:54:04Z logger.go:66:                                 }
TestTerraformConfluentPlatformExample 2022-08-03T15:54:04Z logger.go:66:                             }
TestTerraformConfluentPlatformExample 2022-08-03T15:54:04Z logger.go:66:                           + nodePort     = {
TestTerraformConfluentPlatformExample 2022-08-03T15:54:04Z logger.go:66:                               + advertisedURL         = {
TestTerraformConfluentPlatformExample 2022-08-03T15:54:04Z logger.go:66:                                   + enabled = (known after apply)
TestTerraformConfluentPlatformExample 2022-08-03T15:54:04Z logger.go:66:                                   + prefix  = (known after apply)
TestTerraformConfluentPlatformExample 2022-08-03T15:54:04Z logger.go:66:                                 }
TestTerraformConfluentPlatformExample 2022-08-03T15:54:04Z logger.go:66:                               + annotations           = (known after apply)
TestTerraformConfluentPlatformExample 2022-08-03T15:54:04Z logger.go:66:                               + externalTrafficPolicy = (known after apply)
TestTerraformConfluentPlatformExample 2022-08-03T15:54:04Z logger.go:66:                               + host                  = (known after apply)
TestTerraformConfluentPlatformExample 2022-08-03T15:54:04Z logger.go:66:                               + labels                = (known after apply)
TestTerraformConfluentPlatformExample 2022-08-03T15:54:04Z logger.go:66:                               + nodePortOffset        = (known after apply)
TestTerraformConfluentPlatformExample 2022-08-03T15:54:04Z logger.go:66:                               + servicePorts          = (known after apply)
TestTerraformConfluentPlatformExample 2022-08-03T15:54:04Z logger.go:66:                               + sessionAffinity       = (known after apply)
TestTerraformConfluentPlatformExample 2022-08-03T15:54:04Z logger.go:66:                               + sessionAffinityConfig = {
TestTerraformConfluentPlatformExample 2022-08-03T15:54:04Z logger.go:66:                                   + clientIP = {
TestTerraformConfluentPlatformExample 2022-08-03T15:54:04Z logger.go:66:                                       + timeoutSeconds = (known after apply)
TestTerraformConfluentPlatformExample 2022-08-03T15:54:04Z logger.go:66:                                     }
TestTerraformConfluentPlatformExample 2022-08-03T15:54:04Z logger.go:66:                                 }
TestTerraformConfluentPlatformExample 2022-08-03T15:54:04Z logger.go:66:                             }
TestTerraformConfluentPlatformExample 2022-08-03T15:54:04Z logger.go:66:                           + route        = {
TestTerraformConfluentPlatformExample 2022-08-03T15:54:04Z logger.go:66:                               + annotations    = (known after apply)
TestTerraformConfluentPlatformExample 2022-08-03T15:54:04Z logger.go:66:                               + domain         = (known after apply)
TestTerraformConfluentPlatformExample 2022-08-03T15:54:04Z logger.go:66:                               + labels         = (known after apply)
TestTerraformConfluentPlatformExample 2022-08-03T15:54:04Z logger.go:66:                               + prefix         = (known after apply)
TestTerraformConfluentPlatformExample 2022-08-03T15:54:04Z logger.go:66:                               + wildcardPolicy = (known after apply)
TestTerraformConfluentPlatformExample 2022-08-03T15:54:04Z logger.go:66:                             }
TestTerraformConfluentPlatformExample 2022-08-03T15:54:04Z logger.go:66:                           + type         = (known after apply)
TestTerraformConfluentPlatformExample 2022-08-03T15:54:04Z logger.go:66:                         }
TestTerraformConfluentPlatformExample 2022-08-03T15:54:04Z logger.go:66:                       + provider       = {
TestTerraformConfluentPlatformExample 2022-08-03T15:54:04Z logger.go:66:                           + ldap = {
TestTerraformConfluentPlatformExample 2022-08-03T15:54:04Z logger.go:66:                               + address        = (known after apply)
TestTerraformConfluentPlatformExample 2022-08-03T15:54:04Z logger.go:66:                               + authentication = {
TestTerraformConfluentPlatformExample 2022-08-03T15:54:04Z logger.go:66:                                   + simple = {
TestTerraformConfluentPlatformExample 2022-08-03T15:54:04Z logger.go:66:                                       + directoryPathInContainer = (known after apply)
TestTerraformConfluentPlatformExample 2022-08-03T15:54:04Z logger.go:66:                                       + secretRef                = (known after apply)
TestTerraformConfluentPlatformExample 2022-08-03T15:54:04Z logger.go:66:                                     }
TestTerraformConfluentPlatformExample 2022-08-03T15:54:04Z logger.go:66:                                   + type   = (known after apply)
TestTerraformConfluentPlatformExample 2022-08-03T15:54:04Z logger.go:66:                                 }
TestTerraformConfluentPlatformExample 2022-08-03T15:54:04Z logger.go:66:                               + configurations = {
TestTerraformConfluentPlatformExample 2022-08-03T15:54:04Z logger.go:66:                                   + groupMemberAttribute         = (known after apply)
TestTerraformConfluentPlatformExample 2022-08-03T15:54:04Z logger.go:66:                                   + groupMemberAttributePattern  = (known after apply)
TestTerraformConfluentPlatformExample 2022-08-03T15:54:04Z logger.go:66:                                   + groupNameAttribute           = (known after apply)
TestTerraformConfluentPlatformExample 2022-08-03T15:54:04Z logger.go:66:                                   + groupObjectClass             = (known after apply)
TestTerraformConfluentPlatformExample 2022-08-03T15:54:04Z logger.go:66:                                   + groupSearchBase              = (known after apply)
TestTerraformConfluentPlatformExample 2022-08-03T15:54:04Z logger.go:66:                                   + groupSearchFilter            = (known after apply)
TestTerraformConfluentPlatformExample 2022-08-03T15:54:04Z logger.go:66:                                   + groupSearchScope             = (known after apply)
TestTerraformConfluentPlatformExample 2022-08-03T15:54:04Z logger.go:66:                                   + userMemberOfAttributePattern = (known after apply)
TestTerraformConfluentPlatformExample 2022-08-03T15:54:04Z logger.go:66:                                   + userNameAttribute            = (known after apply)
TestTerraformConfluentPlatformExample 2022-08-03T15:54:04Z logger.go:66:                                   + userObjectClass              = (known after apply)
TestTerraformConfluentPlatformExample 2022-08-03T15:54:04Z logger.go:66:                                   + userSearchBase               = (known after apply)
TestTerraformConfluentPlatformExample 2022-08-03T15:54:04Z logger.go:66:                                   + userSearchFilter             = (known after apply)
TestTerraformConfluentPlatformExample 2022-08-03T15:54:04Z logger.go:66:                                   + userSearchScope              = (known after apply)
TestTerraformConfluentPlatformExample 2022-08-03T15:54:04Z logger.go:66:                                 }
TestTerraformConfluentPlatformExample 2022-08-03T15:54:04Z logger.go:66:                               + tls            = {
TestTerraformConfluentPlatformExample 2022-08-03T15:54:04Z logger.go:66:                                   + directoryPathInContainer = (known after apply)
TestTerraformConfluentPlatformExample 2022-08-03T15:54:04Z logger.go:66:                                   + enabled                  = (known after apply)
TestTerraformConfluentPlatformExample 2022-08-03T15:54:04Z logger.go:66:                                   + ignoreTrustStoreConfig   = (known after apply)
TestTerraformConfluentPlatformExample 2022-08-03T15:54:04Z logger.go:66:                                   + jksPassword              = {
TestTerraformConfluentPlatformExample 2022-08-03T15:54:04Z logger.go:66:                                       + secretRef = (known after apply)
TestTerraformConfluentPlatformExample 2022-08-03T15:54:04Z logger.go:66:                                     }
TestTerraformConfluentPlatformExample 2022-08-03T15:54:04Z logger.go:66:                                   + secretRef                = (known after apply)
TestTerraformConfluentPlatformExample 2022-08-03T15:54:04Z logger.go:66:                                 }
TestTerraformConfluentPlatformExample 2022-08-03T15:54:04Z logger.go:66:                             }
TestTerraformConfluentPlatformExample 2022-08-03T15:54:04Z logger.go:66:                           + type = (known after apply)
TestTerraformConfluentPlatformExample 2022-08-03T15:54:04Z logger.go:66:                         }
TestTerraformConfluentPlatformExample 2022-08-03T15:54:04Z logger.go:66:                       + tls            = {
TestTerraformConfluentPlatformExample 2022-08-03T15:54:04Z logger.go:66:                           + directoryPathInContainer = (known after apply)
TestTerraformConfluentPlatformExample 2022-08-03T15:54:04Z logger.go:66:                           + enabled                  = (known after apply)
TestTerraformConfluentPlatformExample 2022-08-03T15:54:04Z logger.go:66:                           + ignoreTrustStoreConfig   = (known after apply)
TestTerraformConfluentPlatformExample 2022-08-03T15:54:04Z logger.go:66:                           + jksPassword              = {
TestTerraformConfluentPlatformExample 2022-08-03T15:54:04Z logger.go:66:                               + secretRef = (known after apply)
TestTerraformConfluentPlatformExample 2022-08-03T15:54:04Z logger.go:66:                             }
TestTerraformConfluentPlatformExample 2022-08-03T15:54:04Z logger.go:66:                           + secretRef                = (known after apply)
TestTerraformConfluentPlatformExample 2022-08-03T15:54:04Z logger.go:66:                         }
TestTerraformConfluentPlatformExample 2022-08-03T15:54:04Z logger.go:66:                       + tokenKeyPair   = {
TestTerraformConfluentPlatformExample 2022-08-03T15:54:04Z logger.go:66:                           + directoryPathInContainer = (known after apply)
TestTerraformConfluentPlatformExample 2022-08-03T15:54:04Z logger.go:66:                           + secretRef                = (known after apply)
TestTerraformConfluentPlatformExample 2022-08-03T15:54:04Z logger.go:66:                         }
TestTerraformConfluentPlatformExample 2022-08-03T15:54:04Z logger.go:66:                     }
TestTerraformConfluentPlatformExample 2022-08-03T15:54:04Z logger.go:66:                 }
TestTerraformConfluentPlatformExample 2022-08-03T15:54:04Z logger.go:66:               + storageClass       = {
TestTerraformConfluentPlatformExample 2022-08-03T15:54:04Z logger.go:66:                   + name = (known after apply)
TestTerraformConfluentPlatformExample 2022-08-03T15:54:04Z logger.go:66:                 }
TestTerraformConfluentPlatformExample 2022-08-03T15:54:04Z logger.go:66:               + telemetry          = {
TestTerraformConfluentPlatformExample 2022-08-03T15:54:04Z logger.go:66:                   + global = (known after apply)
TestTerraformConfluentPlatformExample 2022-08-03T15:54:04Z logger.go:66:                 }
TestTerraformConfluentPlatformExample 2022-08-03T15:54:04Z logger.go:66:               + tls                = {
TestTerraformConfluentPlatformExample 2022-08-03T15:54:04Z logger.go:66:                   + autoGeneratedCerts       = (known after apply)
TestTerraformConfluentPlatformExample 2022-08-03T15:54:04Z logger.go:66:                   + directoryPathInContainer = (known after apply)
TestTerraformConfluentPlatformExample 2022-08-03T15:54:04Z logger.go:66:                   + ignoreTrustStoreConfig   = (known after apply)
TestTerraformConfluentPlatformExample 2022-08-03T15:54:04Z logger.go:66:                   + jksPassword              = {
TestTerraformConfluentPlatformExample 2022-08-03T15:54:04Z logger.go:66:                       + secretRef = (known after apply)
TestTerraformConfluentPlatformExample 2022-08-03T15:54:04Z logger.go:66:                     }
TestTerraformConfluentPlatformExample 2022-08-03T15:54:04Z logger.go:66:                   + secretRef                = (known after apply)
TestTerraformConfluentPlatformExample 2022-08-03T15:54:04Z logger.go:66:                 }
TestTerraformConfluentPlatformExample 2022-08-03T15:54:04Z logger.go:66:             }
TestTerraformConfluentPlatformExample 2022-08-03T15:54:04Z logger.go:66:         }
TestTerraformConfluentPlatformExample 2022-08-03T15:54:04Z logger.go:66:
TestTerraformConfluentPlatformExample 2022-08-03T15:54:04Z logger.go:66:       + timeouts {
TestTerraformConfluentPlatformExample 2022-08-03T15:54:04Z logger.go:66:           + create = "1h"
TestTerraformConfluentPlatformExample 2022-08-03T15:54:04Z logger.go:66:           + delete = "10m"
TestTerraformConfluentPlatformExample 2022-08-03T15:54:04Z logger.go:66:           + update = "1h"
TestTerraformConfluentPlatformExample 2022-08-03T15:54:04Z logger.go:66:         }
TestTerraformConfluentPlatformExample 2022-08-03T15:54:04Z logger.go:66:
TestTerraformConfluentPlatformExample 2022-08-03T15:54:04Z logger.go:66:       + wait {
TestTerraformConfluentPlatformExample 2022-08-03T15:54:04Z logger.go:66:           + fields = {
TestTerraformConfluentPlatformExample 2022-08-03T15:54:04Z logger.go:66:               + "status.phase" = "RUNNING"
TestTerraformConfluentPlatformExample 2022-08-03T15:54:04Z logger.go:66:             }
TestTerraformConfluentPlatformExample 2022-08-03T15:54:04Z logger.go:66:         }
TestTerraformConfluentPlatformExample 2022-08-03T15:54:04Z logger.go:66:     }
TestTerraformConfluentPlatformExample 2022-08-03T15:54:04Z logger.go:66:
TestTerraformConfluentPlatformExample 2022-08-03T15:54:04Z logger.go:66:   # module.confluent_platform.kubernetes_manifest.components["kafkarestproxy"] will be created
TestTerraformConfluentPlatformExample 2022-08-03T15:54:04Z logger.go:66:   + resource "kubernetes_manifest" "components" {
TestTerraformConfluentPlatformExample 2022-08-03T15:54:04Z logger.go:66:       + computed_fields = [
TestTerraformConfluentPlatformExample 2022-08-03T15:54:04Z logger.go:66:           + "metadata.finalizers",
TestTerraformConfluentPlatformExample 2022-08-03T15:54:04Z logger.go:66:         ]
TestTerraformConfluentPlatformExample 2022-08-03T15:54:04Z logger.go:66:       + manifest        = {
TestTerraformConfluentPlatformExample 2022-08-03T15:54:04Z logger.go:66:           + apiVersion = "platform.confluent.io/v1beta1"
TestTerraformConfluentPlatformExample 2022-08-03T15:54:04Z logger.go:66:           + kind       = "KafkaRestProxy"
TestTerraformConfluentPlatformExample 2022-08-03T15:54:04Z logger.go:66:           + metadata   = {
TestTerraformConfluentPlatformExample 2022-08-03T15:54:04Z logger.go:66:               + name      = "kafkarestproxy"
TestTerraformConfluentPlatformExample 2022-08-03T15:54:04Z logger.go:66:               + namespace = "confluent"
TestTerraformConfluentPlatformExample 2022-08-03T15:54:04Z logger.go:66:             }
TestTerraformConfluentPlatformExample 2022-08-03T15:54:04Z logger.go:66:           + spec       = {
TestTerraformConfluentPlatformExample 2022-08-03T15:54:04Z logger.go:66:               + dependencies = {
TestTerraformConfluentPlatformExample 2022-08-03T15:54:04Z logger.go:66:                   + schemaRegistry = {
TestTerraformConfluentPlatformExample 2022-08-03T15:54:04Z logger.go:66:                       + url = "http://schemaregistry.confluent.svc.cluster.local:8081"
TestTerraformConfluentPlatformExample 2022-08-03T15:54:04Z logger.go:66:                     }
TestTerraformConfluentPlatformExample 2022-08-03T15:54:04Z logger.go:66:                 }
TestTerraformConfluentPlatformExample 2022-08-03T15:54:04Z logger.go:66:               + image        = {
TestTerraformConfluentPlatformExample 2022-08-03T15:54:04Z logger.go:66:                   + application = "confluentinc/cp-kafka-rest:7.2.0"
TestTerraformConfluentPlatformExample 2022-08-03T15:54:04Z logger.go:66:                   + init        = "confluentinc/confluent-init-container:2.4.0"
TestTerraformConfluentPlatformExample 2022-08-03T15:54:04Z logger.go:66:                 }
TestTerraformConfluentPlatformExample 2022-08-03T15:54:04Z logger.go:66:               + replicas     = 1
TestTerraformConfluentPlatformExample 2022-08-03T15:54:04Z logger.go:66:             }
TestTerraformConfluentPlatformExample 2022-08-03T15:54:04Z logger.go:66:         }
TestTerraformConfluentPlatformExample 2022-08-03T15:54:04Z logger.go:66:       + object          = {
TestTerraformConfluentPlatformExample 2022-08-03T15:54:04Z logger.go:66:           + apiVersion = "platform.confluent.io/v1beta1"
TestTerraformConfluentPlatformExample 2022-08-03T15:54:04Z logger.go:66:           + kind       = "KafkaRestProxy"
TestTerraformConfluentPlatformExample 2022-08-03T15:54:04Z logger.go:66:           + metadata   = {
TestTerraformConfluentPlatformExample 2022-08-03T15:54:04Z logger.go:66:               + annotations                = (known after apply)
TestTerraformConfluentPlatformExample 2022-08-03T15:54:04Z logger.go:66:               + clusterName                = (known after apply)
TestTerraformConfluentPlatformExample 2022-08-03T15:54:04Z logger.go:66:               + creationTimestamp          = (known after apply)
TestTerraformConfluentPlatformExample 2022-08-03T15:54:04Z logger.go:66:               + deletionGracePeriodSeconds = (known after apply)
TestTerraformConfluentPlatformExample 2022-08-03T15:54:04Z logger.go:66:               + deletionTimestamp          = (known after apply)
TestTerraformConfluentPlatformExample 2022-08-03T15:54:04Z logger.go:66:               + finalizers                 = (known after apply)
TestTerraformConfluentPlatformExample 2022-08-03T15:54:04Z logger.go:66:               + generateName               = (known after apply)
TestTerraformConfluentPlatformExample 2022-08-03T15:54:04Z logger.go:66:               + generation                 = (known after apply)
TestTerraformConfluentPlatformExample 2022-08-03T15:54:04Z logger.go:66:               + labels                     = (known after apply)
TestTerraformConfluentPlatformExample 2022-08-03T15:54:04Z logger.go:66:               + managedFields              = (known after apply)
TestTerraformConfluentPlatformExample 2022-08-03T15:54:04Z logger.go:66:               + name                       = "kafkarestproxy"
TestTerraformConfluentPlatformExample 2022-08-03T15:54:04Z logger.go:66:               + namespace                  = "confluent"
TestTerraformConfluentPlatformExample 2022-08-03T15:54:04Z logger.go:66:               + ownerReferences            = (known after apply)
TestTerraformConfluentPlatformExample 2022-08-03T15:54:04Z logger.go:66:               + resourceVersion            = (known after apply)
TestTerraformConfluentPlatformExample 2022-08-03T15:54:04Z logger.go:66:               + selfLink                   = (known after apply)
TestTerraformConfluentPlatformExample 2022-08-03T15:54:04Z logger.go:66:               + uid                        = (known after apply)
TestTerraformConfluentPlatformExample 2022-08-03T15:54:04Z logger.go:66:             }
TestTerraformConfluentPlatformExample 2022-08-03T15:54:04Z logger.go:66:           + spec       = {
TestTerraformConfluentPlatformExample 2022-08-03T15:54:04Z logger.go:66:               + authentication    = {
TestTerraformConfluentPlatformExample 2022-08-03T15:54:04Z logger.go:66:                   + basic = {
TestTerraformConfluentPlatformExample 2022-08-03T15:54:04Z logger.go:66:                       + debug                    = (known after apply)
TestTerraformConfluentPlatformExample 2022-08-03T15:54:04Z logger.go:66:                       + directoryPathInContainer = (known after apply)
TestTerraformConfluentPlatformExample 2022-08-03T15:54:04Z logger.go:66:                       + restrictedRoles          = (known after apply)
TestTerraformConfluentPlatformExample 2022-08-03T15:54:04Z logger.go:66:                       + roles                    = (known after apply)
TestTerraformConfluentPlatformExample 2022-08-03T15:54:04Z logger.go:66:                       + secretRef                = (known after apply)
TestTerraformConfluentPlatformExample 2022-08-03T15:54:04Z logger.go:66:                     }
TestTerraformConfluentPlatformExample 2022-08-03T15:54:04Z logger.go:66:                   + type  = (known after apply)
TestTerraformConfluentPlatformExample 2022-08-03T15:54:04Z logger.go:66:                 }
TestTerraformConfluentPlatformExample 2022-08-03T15:54:04Z logger.go:66:               + authorization     = {
TestTerraformConfluentPlatformExample 2022-08-03T15:54:04Z logger.go:66:                   + kafkaRestClassRef = {
TestTerraformConfluentPlatformExample 2022-08-03T15:54:04Z logger.go:66:                       + name      = (known after apply)
TestTerraformConfluentPlatformExample 2022-08-03T15:54:04Z logger.go:66:                       + namespace = (known after apply)
TestTerraformConfluentPlatformExample 2022-08-03T15:54:04Z logger.go:66:                     }
TestTerraformConfluentPlatformExample 2022-08-03T15:54:04Z logger.go:66:                   + type              = (known after apply)
TestTerraformConfluentPlatformExample 2022-08-03T15:54:04Z logger.go:66:                 }
TestTerraformConfluentPlatformExample 2022-08-03T15:54:04Z logger.go:66:               + configOverrides   = {
TestTerraformConfluentPlatformExample 2022-08-03T15:54:04Z logger.go:66:                   + jvm    = (known after apply)
TestTerraformConfluentPlatformExample 2022-08-03T15:54:04Z logger.go:66:                   + log4j  = (known after apply)
TestTerraformConfluentPlatformExample 2022-08-03T15:54:04Z logger.go:66:                   + server = (known after apply)
TestTerraformConfluentPlatformExample 2022-08-03T15:54:04Z logger.go:66:                 }
TestTerraformConfluentPlatformExample 2022-08-03T15:54:04Z logger.go:66:               + dependencies      = {
TestTerraformConfluentPlatformExample 2022-08-03T15:54:04Z logger.go:66:                   + interceptor    = {
TestTerraformConfluentPlatformExample 2022-08-03T15:54:04Z logger.go:66:                       + configs   = (known after apply)
TestTerraformConfluentPlatformExample 2022-08-03T15:54:04Z logger.go:66:                       + consumer  = {
TestTerraformConfluentPlatformExample 2022-08-03T15:54:04Z logger.go:66:                           + authentication    = {
TestTerraformConfluentPlatformExample 2022-08-03T15:54:04Z logger.go:66:                               + jaasConfig            = {
TestTerraformConfluentPlatformExample 2022-08-03T15:54:04Z logger.go:66:                                   + secretRef = (known after apply)
TestTerraformConfluentPlatformExample 2022-08-03T15:54:04Z logger.go:66:                                 }
TestTerraformConfluentPlatformExample 2022-08-03T15:54:04Z logger.go:66:                               + jaasConfigPassThrough = {
TestTerraformConfluentPlatformExample 2022-08-03T15:54:04Z logger.go:66:                                   + directoryPathInContainer = (known after apply)
TestTerraformConfluentPlatformExample 2022-08-03T15:54:04Z logger.go:66:                                   + secretRef                = (known after apply)
TestTerraformConfluentPlatformExample 2022-08-03T15:54:04Z logger.go:66:                                 }
TestTerraformConfluentPlatformExample 2022-08-03T15:54:04Z logger.go:66:                               + oauthbearer           = {
TestTerraformConfluentPlatformExample 2022-08-03T15:54:04Z logger.go:66:                                   + directoryPathInContainer = (known after apply)
TestTerraformConfluentPlatformExample 2022-08-03T15:54:04Z logger.go:66:                                   + secretRef                = (known after apply)
TestTerraformConfluentPlatformExample 2022-08-03T15:54:04Z logger.go:66:                                 }
TestTerraformConfluentPlatformExample 2022-08-03T15:54:04Z logger.go:66:                               + type                  = (known after apply)
TestTerraformConfluentPlatformExample 2022-08-03T15:54:04Z logger.go:66:                             }
TestTerraformConfluentPlatformExample 2022-08-03T15:54:04Z logger.go:66:                           + bootstrapEndpoint = (known after apply)
TestTerraformConfluentPlatformExample 2022-08-03T15:54:04Z logger.go:66:                           + discovery         = {
TestTerraformConfluentPlatformExample 2022-08-03T15:54:04Z logger.go:66:                               + name      = (known after apply)
TestTerraformConfluentPlatformExample 2022-08-03T15:54:04Z logger.go:66:                               + namespace = (known after apply)
TestTerraformConfluentPlatformExample 2022-08-03T15:54:04Z logger.go:66:                               + secretRef = (known after apply)
TestTerraformConfluentPlatformExample 2022-08-03T15:54:04Z logger.go:66:                             }
TestTerraformConfluentPlatformExample 2022-08-03T15:54:04Z logger.go:66:                           + tls               = {
TestTerraformConfluentPlatformExample 2022-08-03T15:54:04Z logger.go:66:                               + directoryPathInContainer = (known after apply)
TestTerraformConfluentPlatformExample 2022-08-03T15:54:04Z logger.go:66:                               + enabled                  = (known after apply)
TestTerraformConfluentPlatformExample 2022-08-03T15:54:04Z logger.go:66:                               + ignoreTrustStoreConfig   = (known after apply)
TestTerraformConfluentPlatformExample 2022-08-03T15:54:04Z logger.go:66:                               + jksPassword              = {
TestTerraformConfluentPlatformExample 2022-08-03T15:54:04Z logger.go:66:                                   + secretRef = (known after apply)
TestTerraformConfluentPlatformExample 2022-08-03T15:54:04Z logger.go:66:                                 }
TestTerraformConfluentPlatformExample 2022-08-03T15:54:04Z logger.go:66:                               + secretRef                = (known after apply)
TestTerraformConfluentPlatformExample 2022-08-03T15:54:04Z logger.go:66:                             }
TestTerraformConfluentPlatformExample 2022-08-03T15:54:04Z logger.go:66:                         }
TestTerraformConfluentPlatformExample 2022-08-03T15:54:04Z logger.go:66:                       + enabled   = (known after apply)
TestTerraformConfluentPlatformExample 2022-08-03T15:54:04Z logger.go:66:                       + producer  = {
TestTerraformConfluentPlatformExample 2022-08-03T15:54:04Z logger.go:66:                           + authentication    = {
TestTerraformConfluentPlatformExample 2022-08-03T15:54:04Z logger.go:66:                               + jaasConfig            = {
TestTerraformConfluentPlatformExample 2022-08-03T15:54:04Z logger.go:66:                                   + secretRef = (known after apply)
TestTerraformConfluentPlatformExample 2022-08-03T15:54:04Z logger.go:66:                                 }
TestTerraformConfluentPlatformExample 2022-08-03T15:54:04Z logger.go:66:                               + jaasConfigPassThrough = {
TestTerraformConfluentPlatformExample 2022-08-03T15:54:04Z logger.go:66:                                   + directoryPathInContainer = (known after apply)
TestTerraformConfluentPlatformExample 2022-08-03T15:54:04Z logger.go:66:                                   + secretRef                = (known after apply)
TestTerraformConfluentPlatformExample 2022-08-03T15:54:04Z logger.go:66:                                 }
TestTerraformConfluentPlatformExample 2022-08-03T15:54:04Z logger.go:66:                               + oauthbearer           = {
TestTerraformConfluentPlatformExample 2022-08-03T15:54:04Z logger.go:66:                                   + directoryPathInContainer = (known after apply)
TestTerraformConfluentPlatformExample 2022-08-03T15:54:04Z logger.go:66:                                   + secretRef                = (known after apply)
TestTerraformConfluentPlatformExample 2022-08-03T15:54:04Z logger.go:66:                                 }
TestTerraformConfluentPlatformExample 2022-08-03T15:54:04Z logger.go:66:                               + type                  = (known after apply)
TestTerraformConfluentPlatformExample 2022-08-03T15:54:04Z logger.go:66:                             }
TestTerraformConfluentPlatformExample 2022-08-03T15:54:04Z logger.go:66:                           + bootstrapEndpoint = (known after apply)
TestTerraformConfluentPlatformExample 2022-08-03T15:54:04Z logger.go:66:                           + discovery         = {
TestTerraformConfluentPlatformExample 2022-08-03T15:54:04Z logger.go:66:                               + name      = (known after apply)
TestTerraformConfluentPlatformExample 2022-08-03T15:54:04Z logger.go:66:                               + namespace = (known after apply)
TestTerraformConfluentPlatformExample 2022-08-03T15:54:04Z logger.go:66:                               + secretRef = (known after apply)
TestTerraformConfluentPlatformExample 2022-08-03T15:54:04Z logger.go:66:                             }
TestTerraformConfluentPlatformExample 2022-08-03T15:54:04Z logger.go:66:                           + tls               = {
TestTerraformConfluentPlatformExample 2022-08-03T15:54:04Z logger.go:66:                               + directoryPathInContainer = (known after apply)
TestTerraformConfluentPlatformExample 2022-08-03T15:54:04Z logger.go:66:                               + enabled                  = (known after apply)
TestTerraformConfluentPlatformExample 2022-08-03T15:54:04Z logger.go:66:                               + ignoreTrustStoreConfig   = (known after apply)
TestTerraformConfluentPlatformExample 2022-08-03T15:54:04Z logger.go:66:                               + jksPassword              = {
TestTerraformConfluentPlatformExample 2022-08-03T15:54:04Z logger.go:66:                                   + secretRef = (known after apply)
TestTerraformConfluentPlatformExample 2022-08-03T15:54:04Z logger.go:66:                                 }
TestTerraformConfluentPlatformExample 2022-08-03T15:54:04Z logger.go:66:                               + secretRef                = (known after apply)
TestTerraformConfluentPlatformExample 2022-08-03T15:54:04Z logger.go:66:                             }
TestTerraformConfluentPlatformExample 2022-08-03T15:54:04Z logger.go:66:                         }
TestTerraformConfluentPlatformExample 2022-08-03T15:54:04Z logger.go:66:                       + publishMs = (known after apply)
TestTerraformConfluentPlatformExample 2022-08-03T15:54:04Z logger.go:66:                     }
TestTerraformConfluentPlatformExample 2022-08-03T15:54:04Z logger.go:66:                   + kafka          = {
TestTerraformConfluentPlatformExample 2022-08-03T15:54:04Z logger.go:66:                       + authentication    = {
TestTerraformConfluentPlatformExample 2022-08-03T15:54:04Z logger.go:66:                           + jaasConfig            = {
TestTerraformConfluentPlatformExample 2022-08-03T15:54:04Z logger.go:66:                               + secretRef = (known after apply)
TestTerraformConfluentPlatformExample 2022-08-03T15:54:04Z logger.go:66:                             }
TestTerraformConfluentPlatformExample 2022-08-03T15:54:04Z logger.go:66:                           + jaasConfigPassThrough = {
TestTerraformConfluentPlatformExample 2022-08-03T15:54:04Z logger.go:66:                               + directoryPathInContainer = (known after apply)
TestTerraformConfluentPlatformExample 2022-08-03T15:54:04Z logger.go:66:                               + secretRef                = (known after apply)
TestTerraformConfluentPlatformExample 2022-08-03T15:54:04Z logger.go:66:                             }
TestTerraformConfluentPlatformExample 2022-08-03T15:54:04Z logger.go:66:                           + oauthbearer           = {
TestTerraformConfluentPlatformExample 2022-08-03T15:54:04Z logger.go:66:                               + directoryPathInContainer = (known after apply)
TestTerraformConfluentPlatformExample 2022-08-03T15:54:04Z logger.go:66:                               + secretRef                = (known after apply)
TestTerraformConfluentPlatformExample 2022-08-03T15:54:04Z logger.go:66:                             }
TestTerraformConfluentPlatformExample 2022-08-03T15:54:04Z logger.go:66:                           + type                  = (known after apply)
TestTerraformConfluentPlatformExample 2022-08-03T15:54:04Z logger.go:66:                         }
TestTerraformConfluentPlatformExample 2022-08-03T15:54:04Z logger.go:66:                       + bootstrapEndpoint = (known after apply)
TestTerraformConfluentPlatformExample 2022-08-03T15:54:04Z logger.go:66:                       + discovery         = {
TestTerraformConfluentPlatformExample 2022-08-03T15:54:04Z logger.go:66:                           + name      = (known after apply)
TestTerraformConfluentPlatformExample 2022-08-03T15:54:04Z logger.go:66:                           + namespace = (known after apply)
TestTerraformConfluentPlatformExample 2022-08-03T15:54:04Z logger.go:66:                           + secretRef = (known after apply)
TestTerraformConfluentPlatformExample 2022-08-03T15:54:04Z logger.go:66:                         }
TestTerraformConfluentPlatformExample 2022-08-03T15:54:04Z logger.go:66:                       + tls               = {
TestTerraformConfluentPlatformExample 2022-08-03T15:54:04Z logger.go:66:                           + directoryPathInContainer = (known after apply)
TestTerraformConfluentPlatformExample 2022-08-03T15:54:04Z logger.go:66:                           + enabled                  = (known after apply)
TestTerraformConfluentPlatformExample 2022-08-03T15:54:04Z logger.go:66:                           + ignoreTrustStoreConfig   = (known after apply)
TestTerraformConfluentPlatformExample 2022-08-03T15:54:04Z logger.go:66:                           + jksPassword              = {
TestTerraformConfluentPlatformExample 2022-08-03T15:54:04Z logger.go:66:                               + secretRef = (known after apply)
TestTerraformConfluentPlatformExample 2022-08-03T15:54:04Z logger.go:66:                             }
TestTerraformConfluentPlatformExample 2022-08-03T15:54:04Z logger.go:66:                           + secretRef                = (known after apply)
TestTerraformConfluentPlatformExample 2022-08-03T15:54:04Z logger.go:66:                         }
TestTerraformConfluentPlatformExample 2022-08-03T15:54:04Z logger.go:66:                     }
TestTerraformConfluentPlatformExample 2022-08-03T15:54:04Z logger.go:66:                   + mds            = {
TestTerraformConfluentPlatformExample 2022-08-03T15:54:04Z logger.go:66:                       + authentication = {
TestTerraformConfluentPlatformExample 2022-08-03T15:54:04Z logger.go:66:                           + bearer = {
TestTerraformConfluentPlatformExample 2022-08-03T15:54:04Z logger.go:66:                               + directoryPathInContainer = (known after apply)
TestTerraformConfluentPlatformExample 2022-08-03T15:54:04Z logger.go:66:                               + secretRef                = (known after apply)
TestTerraformConfluentPlatformExample 2022-08-03T15:54:04Z logger.go:66:                             }
TestTerraformConfluentPlatformExample 2022-08-03T15:54:04Z logger.go:66:                           + type   = (known after apply)
TestTerraformConfluentPlatformExample 2022-08-03T15:54:04Z logger.go:66:                         }
TestTerraformConfluentPlatformExample 2022-08-03T15:54:04Z logger.go:66:                       + endpoint       = (known after apply)
TestTerraformConfluentPlatformExample 2022-08-03T15:54:04Z logger.go:66:                       + tls            = {
TestTerraformConfluentPlatformExample 2022-08-03T15:54:04Z logger.go:66:                           + directoryPathInContainer = (known after apply)
TestTerraformConfluentPlatformExample 2022-08-03T15:54:04Z logger.go:66:                           + enabled                  = (known after apply)
TestTerraformConfluentPlatformExample 2022-08-03T15:54:04Z logger.go:66:                           + ignoreTrustStoreConfig   = (known after apply)
TestTerraformConfluentPlatformExample 2022-08-03T15:54:04Z logger.go:66:                           + jksPassword              = {
TestTerraformConfluentPlatformExample 2022-08-03T15:54:04Z logger.go:66:                               + secretRef = (known after apply)
TestTerraformConfluentPlatformExample 2022-08-03T15:54:04Z logger.go:66:                             }
TestTerraformConfluentPlatformExample 2022-08-03T15:54:04Z logger.go:66:                           + secretRef                = (known after apply)
TestTerraformConfluentPlatformExample 2022-08-03T15:54:04Z logger.go:66:                         }
TestTerraformConfluentPlatformExample 2022-08-03T15:54:04Z logger.go:66:                       + tokenKeyPair   = {
TestTerraformConfluentPlatformExample 2022-08-03T15:54:04Z logger.go:66:                           + directoryPathInContainer = (known after apply)
TestTerraformConfluentPlatformExample 2022-08-03T15:54:04Z logger.go:66:                           + secretRef                = (known after apply)
TestTerraformConfluentPlatformExample 2022-08-03T15:54:04Z logger.go:66:                         }
TestTerraformConfluentPlatformExample 2022-08-03T15:54:04Z logger.go:66:                     }
TestTerraformConfluentPlatformExample 2022-08-03T15:54:04Z logger.go:66:                   + schemaRegistry = {
TestTerraformConfluentPlatformExample 2022-08-03T15:54:04Z logger.go:66:                       + authentication = {
TestTerraformConfluentPlatformExample 2022-08-03T15:54:04Z logger.go:66:                           + basic = {
TestTerraformConfluentPlatformExample 2022-08-03T15:54:04Z logger.go:66:                               + debug                    = (known after apply)
TestTerraformConfluentPlatformExample 2022-08-03T15:54:04Z logger.go:66:                               + directoryPathInContainer = (known after apply)
TestTerraformConfluentPlatformExample 2022-08-03T15:54:04Z logger.go:66:                               + restrictedRoles          = (known after apply)
TestTerraformConfluentPlatformExample 2022-08-03T15:54:04Z logger.go:66:                               + roles                    = (known after apply)
TestTerraformConfluentPlatformExample 2022-08-03T15:54:04Z logger.go:66:                               + secretRef                = (known after apply)
TestTerraformConfluentPlatformExample 2022-08-03T15:54:04Z logger.go:66:                             }
TestTerraformConfluentPlatformExample 2022-08-03T15:54:04Z logger.go:66:                           + type  = (known after apply)
TestTerraformConfluentPlatformExample 2022-08-03T15:54:04Z logger.go:66:                         }
TestTerraformConfluentPlatformExample 2022-08-03T15:54:04Z logger.go:66:                       + tls            = {
TestTerraformConfluentPlatformExample 2022-08-03T15:54:04Z logger.go:66:                           + directoryPathInContainer = (known after apply)
TestTerraformConfluentPlatformExample 2022-08-03T15:54:04Z logger.go:66:                           + enabled                  = (known after apply)
TestTerraformConfluentPlatformExample 2022-08-03T15:54:04Z logger.go:66:                           + ignoreTrustStoreConfig   = (known after apply)
TestTerraformConfluentPlatformExample 2022-08-03T15:54:04Z logger.go:66:                           + jksPassword              = {
TestTerraformConfluentPlatformExample 2022-08-03T15:54:04Z logger.go:66:                               + secretRef = (known after apply)
TestTerraformConfluentPlatformExample 2022-08-03T15:54:04Z logger.go:66:                             }
TestTerraformConfluentPlatformExample 2022-08-03T15:54:04Z logger.go:66:                           + secretRef                = (known after apply)
TestTerraformConfluentPlatformExample 2022-08-03T15:54:04Z logger.go:66:                         }
TestTerraformConfluentPlatformExample 2022-08-03T15:54:04Z logger.go:66:                       + url            = "http://schemaregistry.confluent.svc.cluster.local:8081"
TestTerraformConfluentPlatformExample 2022-08-03T15:54:04Z logger.go:66:                     }
TestTerraformConfluentPlatformExample 2022-08-03T15:54:04Z logger.go:66:                 }
TestTerraformConfluentPlatformExample 2022-08-03T15:54:04Z logger.go:66:               + externalAccess    = {
TestTerraformConfluentPlatformExample 2022-08-03T15:54:04Z logger.go:66:                   + loadBalancer = {
TestTerraformConfluentPlatformExample 2022-08-03T15:54:04Z logger.go:66:                       + advertisedURL            = {
TestTerraformConfluentPlatformExample 2022-08-03T15:54:04Z logger.go:66:                           + enabled = (known after apply)
TestTerraformConfluentPlatformExample 2022-08-03T15:54:04Z logger.go:66:                           + prefix  = (known after apply)
TestTerraformConfluentPlatformExample 2022-08-03T15:54:04Z logger.go:66:                         }
TestTerraformConfluentPlatformExample 2022-08-03T15:54:04Z logger.go:66:                       + annotations              = (known after apply)
TestTerraformConfluentPlatformExample 2022-08-03T15:54:04Z logger.go:66:                       + domain                   = (known after apply)
TestTerraformConfluentPlatformExample 2022-08-03T15:54:04Z logger.go:66:                       + externalTrafficPolicy    = (known after apply)
TestTerraformConfluentPlatformExample 2022-08-03T15:54:04Z logger.go:66:                       + labels                   = (known after apply)
TestTerraformConfluentPlatformExample 2022-08-03T15:54:04Z logger.go:66:                       + loadBalancerSourceRanges = (known after apply)
TestTerraformConfluentPlatformExample 2022-08-03T15:54:04Z logger.go:66:                       + port                     = (known after apply)
TestTerraformConfluentPlatformExample 2022-08-03T15:54:04Z logger.go:66:                       + prefix                   = (known after apply)
TestTerraformConfluentPlatformExample 2022-08-03T15:54:04Z logger.go:66:                       + servicePorts             = (known after apply)
TestTerraformConfluentPlatformExample 2022-08-03T15:54:04Z logger.go:66:                       + sessionAffinity          = (known after apply)
TestTerraformConfluentPlatformExample 2022-08-03T15:54:04Z logger.go:66:                       + sessionAffinityConfig    = {
TestTerraformConfluentPlatformExample 2022-08-03T15:54:04Z logger.go:66:                           + clientIP = {
TestTerraformConfluentPlatformExample 2022-08-03T15:54:04Z logger.go:66:                               + timeoutSeconds = (known after apply)
TestTerraformConfluentPlatformExample 2022-08-03T15:54:04Z logger.go:66:                             }
TestTerraformConfluentPlatformExample 2022-08-03T15:54:04Z logger.go:66:                         }
TestTerraformConfluentPlatformExample 2022-08-03T15:54:04Z logger.go:66:                     }
TestTerraformConfluentPlatformExample 2022-08-03T15:54:04Z logger.go:66:                   + nodePort     = {
TestTerraformConfluentPlatformExample 2022-08-03T15:54:04Z logger.go:66:                       + advertisedURL         = {
TestTerraformConfluentPlatformExample 2022-08-03T15:54:04Z logger.go:66:                           + enabled = (known after apply)
TestTerraformConfluentPlatformExample 2022-08-03T15:54:04Z logger.go:66:                           + prefix  = (known after apply)
TestTerraformConfluentPlatformExample 2022-08-03T15:54:04Z logger.go:66:                         }
TestTerraformConfluentPlatformExample 2022-08-03T15:54:04Z logger.go:66:                       + annotations           = (known after apply)
TestTerraformConfluentPlatformExample 2022-08-03T15:54:04Z logger.go:66:                       + externalTrafficPolicy = (known after apply)
TestTerraformConfluentPlatformExample 2022-08-03T15:54:04Z logger.go:66:                       + host                  = (known after apply)
TestTerraformConfluentPlatformExample 2022-08-03T15:54:04Z logger.go:66:                       + labels                = (known after apply)
TestTerraformConfluentPlatformExample 2022-08-03T15:54:04Z logger.go:66:                       + nodePortOffset        = (known after apply)
TestTerraformConfluentPlatformExample 2022-08-03T15:54:04Z logger.go:66:                       + servicePorts          = (known after apply)
TestTerraformConfluentPlatformExample 2022-08-03T15:54:04Z logger.go:66:                       + sessionAffinity       = (known after apply)
TestTerraformConfluentPlatformExample 2022-08-03T15:54:04Z logger.go:66:                       + sessionAffinityConfig = {
TestTerraformConfluentPlatformExample 2022-08-03T15:54:04Z logger.go:66:                           + clientIP = {
TestTerraformConfluentPlatformExample 2022-08-03T15:54:04Z logger.go:66:                               + timeoutSeconds = (known after apply)
TestTerraformConfluentPlatformExample 2022-08-03T15:54:04Z logger.go:66:                             }
TestTerraformConfluentPlatformExample 2022-08-03T15:54:04Z logger.go:66:                         }
TestTerraformConfluentPlatformExample 2022-08-03T15:54:04Z logger.go:66:                     }
TestTerraformConfluentPlatformExample 2022-08-03T15:54:04Z logger.go:66:                   + route        = {
TestTerraformConfluentPlatformExample 2022-08-03T15:54:04Z logger.go:66:                       + annotations    = (known after apply)
TestTerraformConfluentPlatformExample 2022-08-03T15:54:04Z logger.go:66:                       + domain         = (known after apply)
TestTerraformConfluentPlatformExample 2022-08-03T15:54:04Z logger.go:66:                       + labels         = (known after apply)
TestTerraformConfluentPlatformExample 2022-08-03T15:54:04Z logger.go:66:                       + prefix         = (known after apply)
TestTerraformConfluentPlatformExample 2022-08-03T15:54:04Z logger.go:66:                       + wildcardPolicy = (known after apply)
TestTerraformConfluentPlatformExample 2022-08-03T15:54:04Z logger.go:66:                     }
TestTerraformConfluentPlatformExample 2022-08-03T15:54:04Z logger.go:66:                   + type         = (known after apply)
TestTerraformConfluentPlatformExample 2022-08-03T15:54:04Z logger.go:66:                 }
TestTerraformConfluentPlatformExample 2022-08-03T15:54:04Z logger.go:66:               + headlessService   = {
TestTerraformConfluentPlatformExample 2022-08-03T15:54:04Z logger.go:66:                   + annotations              = (known after apply)
TestTerraformConfluentPlatformExample 2022-08-03T15:54:04Z logger.go:66:                   + labels                   = (known after apply)
TestTerraformConfluentPlatformExample 2022-08-03T15:54:04Z logger.go:66:                   + publishNotReadyAddresses = (known after apply)
TestTerraformConfluentPlatformExample 2022-08-03T15:54:04Z logger.go:66:                 }
TestTerraformConfluentPlatformExample 2022-08-03T15:54:04Z logger.go:66:               + image             = {
TestTerraformConfluentPlatformExample 2022-08-03T15:54:04Z logger.go:66:                   + application   = "confluentinc/cp-kafka-rest:7.2.0"
TestTerraformConfluentPlatformExample 2022-08-03T15:54:04Z logger.go:66:                   + init          = "confluentinc/confluent-init-container:2.4.0"
TestTerraformConfluentPlatformExample 2022-08-03T15:54:04Z logger.go:66:                   + pullPolicy    = (known after apply)
TestTerraformConfluentPlatformExample 2022-08-03T15:54:04Z logger.go:66:                   + pullSecretRef = (known after apply)
TestTerraformConfluentPlatformExample 2022-08-03T15:54:04Z logger.go:66:                 }
TestTerraformConfluentPlatformExample 2022-08-03T15:54:04Z logger.go:66:               + injectAnnotations = (known after apply)
TestTerraformConfluentPlatformExample 2022-08-03T15:54:04Z logger.go:66:               + injectLabels      = (known after apply)
TestTerraformConfluentPlatformExample 2022-08-03T15:54:04Z logger.go:66:               + k8sClusterDomain  = (known after apply)
TestTerraformConfluentPlatformExample 2022-08-03T15:54:04Z logger.go:66:               + license           = {
TestTerraformConfluentPlatformExample 2022-08-03T15:54:04Z logger.go:66:                   + directoryPathInContainer = (known after apply)
TestTerraformConfluentPlatformExample 2022-08-03T15:54:04Z logger.go:66:                   + globalLicense            = (known after apply)
TestTerraformConfluentPlatformExample 2022-08-03T15:54:04Z logger.go:66:                   + secretRef                = (known after apply)
TestTerraformConfluentPlatformExample 2022-08-03T15:54:04Z logger.go:66:                 }
TestTerraformConfluentPlatformExample 2022-08-03T15:54:04Z logger.go:66:               + metrics           = {
TestTerraformConfluentPlatformExample 2022-08-03T15:54:04Z logger.go:66:                   + authentication = {
TestTerraformConfluentPlatformExample 2022-08-03T15:54:04Z logger.go:66:                       + type = (known after apply)
TestTerraformConfluentPlatformExample 2022-08-03T15:54:04Z logger.go:66:                     }
TestTerraformConfluentPlatformExample 2022-08-03T15:54:04Z logger.go:66:                   + prometheus     = {
TestTerraformConfluentPlatformExample 2022-08-03T15:54:04Z logger.go:66:                       + blacklist = (known after apply)
TestTerraformConfluentPlatformExample 2022-08-03T15:54:04Z logger.go:66:                       + rules     = (known after apply)
TestTerraformConfluentPlatformExample 2022-08-03T15:54:04Z logger.go:66:                       + whitelist = (known after apply)
TestTerraformConfluentPlatformExample 2022-08-03T15:54:04Z logger.go:66:                     }
TestTerraformConfluentPlatformExample 2022-08-03T15:54:04Z logger.go:66:                   + tls            = {
TestTerraformConfluentPlatformExample 2022-08-03T15:54:04Z logger.go:66:                       + directoryPathInContainer = (known after apply)
TestTerraformConfluentPlatformExample 2022-08-03T15:54:04Z logger.go:66:                       + enabled                  = (known after apply)
TestTerraformConfluentPlatformExample 2022-08-03T15:54:04Z logger.go:66:                       + ignoreTrustStoreConfig   = (known after apply)
TestTerraformConfluentPlatformExample 2022-08-03T15:54:04Z logger.go:66:                       + jksPassword              = {
TestTerraformConfluentPlatformExample 2022-08-03T15:54:04Z logger.go:66:                           + secretRef = (known after apply)
TestTerraformConfluentPlatformExample 2022-08-03T15:54:04Z logger.go:66:                         }
TestTerraformConfluentPlatformExample 2022-08-03T15:54:04Z logger.go:66:                       + secretRef                = (known after apply)
TestTerraformConfluentPlatformExample 2022-08-03T15:54:04Z logger.go:66:                     }
TestTerraformConfluentPlatformExample 2022-08-03T15:54:04Z logger.go:66:                 }
TestTerraformConfluentPlatformExample 2022-08-03T15:54:04Z logger.go:66:               + mountedSecrets    = (known after apply)
TestTerraformConfluentPlatformExample 2022-08-03T15:54:04Z logger.go:66:               + mountedVolumes    = {
TestTerraformConfluentPlatformExample 2022-08-03T15:54:04Z logger.go:66:                   + volumeMounts = (known after apply)
TestTerraformConfluentPlatformExample 2022-08-03T15:54:04Z logger.go:66:                   + volumes      = (known after apply)
TestTerraformConfluentPlatformExample 2022-08-03T15:54:04Z logger.go:66:                 }
TestTerraformConfluentPlatformExample 2022-08-03T15:54:04Z logger.go:66:               + oneReplicaPerNode = (known after apply)
TestTerraformConfluentPlatformExample 2022-08-03T15:54:04Z logger.go:66:               + podTemplate       = {
TestTerraformConfluentPlatformExample 2022-08-03T15:54:04Z logger.go:66:                   + affinity                      = {
TestTerraformConfluentPlatformExample 2022-08-03T15:54:04Z logger.go:66:                       + nodeAffinity    = {
TestTerraformConfluentPlatformExample 2022-08-03T15:54:04Z logger.go:66:                           + preferredDuringSchedulingIgnoredDuringExecution = (known after apply)
TestTerraformConfluentPlatformExample 2022-08-03T15:54:04Z logger.go:66:                           + requiredDuringSchedulingIgnoredDuringExecution  = {
TestTerraformConfluentPlatformExample 2022-08-03T15:54:04Z logger.go:66:                               + nodeSelectorTerms = (known after apply)
TestTerraformConfluentPlatformExample 2022-08-03T15:54:04Z logger.go:66:                             }
TestTerraformConfluentPlatformExample 2022-08-03T15:54:04Z logger.go:66:                         }
TestTerraformConfluentPlatformExample 2022-08-03T15:54:04Z logger.go:66:                       + podAffinity     = {
TestTerraformConfluentPlatformExample 2022-08-03T15:54:04Z logger.go:66:                           + preferredDuringSchedulingIgnoredDuringExecution = (known after apply)
TestTerraformConfluentPlatformExample 2022-08-03T15:54:04Z logger.go:66:                           + requiredDuringSchedulingIgnoredDuringExecution  = (known after apply)
TestTerraformConfluentPlatformExample 2022-08-03T15:54:04Z logger.go:66:                         }
TestTerraformConfluentPlatformExample 2022-08-03T15:54:04Z logger.go:66:                       + podAntiAffinity = {
TestTerraformConfluentPlatformExample 2022-08-03T15:54:04Z logger.go:66:                           + preferredDuringSchedulingIgnoredDuringExecution = (known after apply)
TestTerraformConfluentPlatformExample 2022-08-03T15:54:04Z logger.go:66:                           + requiredDuringSchedulingIgnoredDuringExecution  = (known after apply)
TestTerraformConfluentPlatformExample 2022-08-03T15:54:04Z logger.go:66:                         }
TestTerraformConfluentPlatformExample 2022-08-03T15:54:04Z logger.go:66:                     }
TestTerraformConfluentPlatformExample 2022-08-03T15:54:04Z logger.go:66:                   + annotations                   = (known after apply)
TestTerraformConfluentPlatformExample 2022-08-03T15:54:04Z logger.go:66:                   + envVars                       = (known after apply)
TestTerraformConfluentPlatformExample 2022-08-03T15:54:04Z logger.go:66:                   + labels                        = (known after apply)
TestTerraformConfluentPlatformExample 2022-08-03T15:54:04Z logger.go:66:                   + podSecurityContext            = {
TestTerraformConfluentPlatformExample 2022-08-03T15:54:04Z logger.go:66:                       + fsGroup             = (known after apply)
TestTerraformConfluentPlatformExample 2022-08-03T15:54:04Z logger.go:66:                       + fsGroupChangePolicy = (known after apply)
TestTerraformConfluentPlatformExample 2022-08-03T15:54:04Z logger.go:66:                       + runAsGroup          = (known after apply)
TestTerraformConfluentPlatformExample 2022-08-03T15:54:04Z logger.go:66:                       + runAsNonRoot        = (known after apply)
TestTerraformConfluentPlatformExample 2022-08-03T15:54:04Z logger.go:66:                       + runAsUser           = (known after apply)
TestTerraformConfluentPlatformExample 2022-08-03T15:54:04Z logger.go:66:                       + seLinuxOptions      = {
TestTerraformConfluentPlatformExample 2022-08-03T15:54:04Z logger.go:66:                           + level = (known after apply)
TestTerraformConfluentPlatformExample 2022-08-03T15:54:04Z logger.go:66:                           + role  = (known after apply)
TestTerraformConfluentPlatformExample 2022-08-03T15:54:04Z logger.go:66:                           + type  = (known after apply)
TestTerraformConfluentPlatformExample 2022-08-03T15:54:04Z logger.go:66:                           + user  = (known after apply)
TestTerraformConfluentPlatformExample 2022-08-03T15:54:04Z logger.go:66:                         }
TestTerraformConfluentPlatformExample 2022-08-03T15:54:04Z logger.go:66:                       + seccompProfile      = {
TestTerraformConfluentPlatformExample 2022-08-03T15:54:04Z logger.go:66:                           + localhostProfile = (known after apply)
TestTerraformConfluentPlatformExample 2022-08-03T15:54:04Z logger.go:66:                           + type             = (known after apply)
TestTerraformConfluentPlatformExample 2022-08-03T15:54:04Z logger.go:66:                         }
TestTerraformConfluentPlatformExample 2022-08-03T15:54:04Z logger.go:66:                       + supplementalGroups  = (known after apply)
TestTerraformConfluentPlatformExample 2022-08-03T15:54:04Z logger.go:66:                       + sysctls             = (known after apply)
TestTerraformConfluentPlatformExample 2022-08-03T15:54:04Z logger.go:66:                       + windowsOptions      = {
TestTerraformConfluentPlatformExample 2022-08-03T15:54:04Z logger.go:66:                           + gmsaCredentialSpec     = (known after apply)
TestTerraformConfluentPlatformExample 2022-08-03T15:54:04Z logger.go:66:                           + gmsaCredentialSpecName = (known after apply)
TestTerraformConfluentPlatformExample 2022-08-03T15:54:04Z logger.go:66:                           + hostProcess            = (known after apply)
TestTerraformConfluentPlatformExample 2022-08-03T15:54:04Z logger.go:66:                           + runAsUserName          = (known after apply)
TestTerraformConfluentPlatformExample 2022-08-03T15:54:04Z logger.go:66:                         }
TestTerraformConfluentPlatformExample 2022-08-03T15:54:04Z logger.go:66:                     }
TestTerraformConfluentPlatformExample 2022-08-03T15:54:04Z logger.go:66:                   + priorityClassName             = (known after apply)
TestTerraformConfluentPlatformExample 2022-08-03T15:54:04Z logger.go:66:                   + probe                         = {
TestTerraformConfluentPlatformExample 2022-08-03T15:54:04Z logger.go:66:                       + liveness  = {
TestTerraformConfluentPlatformExample 2022-08-03T15:54:04Z logger.go:66:                           + failureThreshold    = (known after apply)
TestTerraformConfluentPlatformExample 2022-08-03T15:54:04Z logger.go:66:                           + initialDelaySeconds = (known after apply)
TestTerraformConfluentPlatformExample 2022-08-03T15:54:04Z logger.go:66:                           + periodSeconds       = (known after apply)
TestTerraformConfluentPlatformExample 2022-08-03T15:54:04Z logger.go:66:                           + successThreshold    = (known after apply)
TestTerraformConfluentPlatformExample 2022-08-03T15:54:04Z logger.go:66:                           + timeoutSeconds      = (known after apply)
TestTerraformConfluentPlatformExample 2022-08-03T15:54:04Z logger.go:66:                         }
TestTerraformConfluentPlatformExample 2022-08-03T15:54:04Z logger.go:66:                       + readiness = {
TestTerraformConfluentPlatformExample 2022-08-03T15:54:04Z logger.go:66:                           + failureThreshold    = (known after apply)
TestTerraformConfluentPlatformExample 2022-08-03T15:54:04Z logger.go:66:                           + initialDelaySeconds = (known after apply)
TestTerraformConfluentPlatformExample 2022-08-03T15:54:04Z logger.go:66:                           + periodSeconds       = (known after apply)
TestTerraformConfluentPlatformExample 2022-08-03T15:54:04Z logger.go:66:                           + successThreshold    = (known after apply)
TestTerraformConfluentPlatformExample 2022-08-03T15:54:04Z logger.go:66:                           + timeoutSeconds      = (known after apply)
TestTerraformConfluentPlatformExample 2022-08-03T15:54:04Z logger.go:66:                         }
TestTerraformConfluentPlatformExample 2022-08-03T15:54:04Z logger.go:66:                     }
TestTerraformConfluentPlatformExample 2022-08-03T15:54:04Z logger.go:66:                   + resources                     = {
TestTerraformConfluentPlatformExample 2022-08-03T15:54:04Z logger.go:66:                       + limits   = (known after apply)
TestTerraformConfluentPlatformExample 2022-08-03T15:54:04Z logger.go:66:                       + requests = (known after apply)
TestTerraformConfluentPlatformExample 2022-08-03T15:54:04Z logger.go:66:                     }
TestTerraformConfluentPlatformExample 2022-08-03T15:54:04Z logger.go:66:                   + securityContext               = {
TestTerraformConfluentPlatformExample 2022-08-03T15:54:04Z logger.go:66:                       + allowPrivilegeEscalation = (known after apply)
TestTerraformConfluentPlatformExample 2022-08-03T15:54:04Z logger.go:66:                       + capabilities             = {
TestTerraformConfluentPlatformExample 2022-08-03T15:54:04Z logger.go:66:                           + add  = (known after apply)
TestTerraformConfluentPlatformExample 2022-08-03T15:54:04Z logger.go:66:                           + drop = (known after apply)
TestTerraformConfluentPlatformExample 2022-08-03T15:54:04Z logger.go:66:                         }
TestTerraformConfluentPlatformExample 2022-08-03T15:54:04Z logger.go:66:                       + privileged               = (known after apply)
TestTerraformConfluentPlatformExample 2022-08-03T15:54:04Z logger.go:66:                       + procMount                = (known after apply)
TestTerraformConfluentPlatformExample 2022-08-03T15:54:04Z logger.go:66:                       + readOnlyRootFilesystem   = (known after apply)
TestTerraformConfluentPlatformExample 2022-08-03T15:54:04Z logger.go:66:                       + runAsGroup               = (known after apply)
TestTerraformConfluentPlatformExample 2022-08-03T15:54:04Z logger.go:66:                       + runAsNonRoot             = (known after apply)
TestTerraformConfluentPlatformExample 2022-08-03T15:54:04Z logger.go:66:                       + runAsUser                = (known after apply)
TestTerraformConfluentPlatformExample 2022-08-03T15:54:04Z logger.go:66:                       + seLinuxOptions           = {
TestTerraformConfluentPlatformExample 2022-08-03T15:54:04Z logger.go:66:                           + level = (known after apply)
TestTerraformConfluentPlatformExample 2022-08-03T15:54:04Z logger.go:66:                           + role  = (known after apply)
TestTerraformConfluentPlatformExample 2022-08-03T15:54:04Z logger.go:66:                           + type  = (known after apply)
TestTerraformConfluentPlatformExample 2022-08-03T15:54:04Z logger.go:66:                           + user  = (known after apply)
TestTerraformConfluentPlatformExample 2022-08-03T15:54:04Z logger.go:66:                         }
TestTerraformConfluentPlatformExample 2022-08-03T15:54:04Z logger.go:66:                       + seccompProfile           = {
TestTerraformConfluentPlatformExample 2022-08-03T15:54:04Z logger.go:66:                           + localhostProfile = (known after apply)
TestTerraformConfluentPlatformExample 2022-08-03T15:54:04Z logger.go:66:                           + type             = (known after apply)
TestTerraformConfluentPlatformExample 2022-08-03T15:54:04Z logger.go:66:                         }
TestTerraformConfluentPlatformExample 2022-08-03T15:54:04Z logger.go:66:                       + windowsOptions           = {
TestTerraformConfluentPlatformExample 2022-08-03T15:54:04Z logger.go:66:                           + gmsaCredentialSpec     = (known after apply)
TestTerraformConfluentPlatformExample 2022-08-03T15:54:04Z logger.go:66:                           + gmsaCredentialSpecName = (known after apply)
TestTerraformConfluentPlatformExample 2022-08-03T15:54:04Z logger.go:66:                           + hostProcess            = (known after apply)
TestTerraformConfluentPlatformExample 2022-08-03T15:54:04Z logger.go:66:                           + runAsUserName          = (known after apply)
TestTerraformConfluentPlatformExample 2022-08-03T15:54:04Z logger.go:66:                         }
TestTerraformConfluentPlatformExample 2022-08-03T15:54:04Z logger.go:66:                     }
TestTerraformConfluentPlatformExample 2022-08-03T15:54:04Z logger.go:66:                   + serviceAccountName            = (known after apply)
TestTerraformConfluentPlatformExample 2022-08-03T15:54:04Z logger.go:66:                   + terminationGracePeriodSeconds = (known after apply)
TestTerraformConfluentPlatformExample 2022-08-03T15:54:04Z logger.go:66:                   + tolerations                   = (known after apply)
TestTerraformConfluentPlatformExample 2022-08-03T15:54:04Z logger.go:66:                   + topologySpreadConstraints     = (known after apply)
TestTerraformConfluentPlatformExample 2022-08-03T15:54:04Z logger.go:66:                 }
TestTerraformConfluentPlatformExample 2022-08-03T15:54:04Z logger.go:66:               + replicas          = 1
TestTerraformConfluentPlatformExample 2022-08-03T15:54:04Z logger.go:66:               + telemetry         = {
TestTerraformConfluentPlatformExample 2022-08-03T15:54:04Z logger.go:66:                   + global = (known after apply)
TestTerraformConfluentPlatformExample 2022-08-03T15:54:04Z logger.go:66:                 }
TestTerraformConfluentPlatformExample 2022-08-03T15:54:04Z logger.go:66:               + tls               = {
TestTerraformConfluentPlatformExample 2022-08-03T15:54:04Z logger.go:66:                   + autoGeneratedCerts       = (known after apply)
TestTerraformConfluentPlatformExample 2022-08-03T15:54:04Z logger.go:66:                   + directoryPathInContainer = (known after apply)
TestTerraformConfluentPlatformExample 2022-08-03T15:54:04Z logger.go:66:                   + ignoreTrustStoreConfig   = (known after apply)
TestTerraformConfluentPlatformExample 2022-08-03T15:54:04Z logger.go:66:                   + jksPassword              = {
TestTerraformConfluentPlatformExample 2022-08-03T15:54:04Z logger.go:66:                       + secretRef = (known after apply)
TestTerraformConfluentPlatformExample 2022-08-03T15:54:04Z logger.go:66:                     }
TestTerraformConfluentPlatformExample 2022-08-03T15:54:04Z logger.go:66:                   + secretRef                = (known after apply)
TestTerraformConfluentPlatformExample 2022-08-03T15:54:04Z logger.go:66:                 }
TestTerraformConfluentPlatformExample 2022-08-03T15:54:04Z logger.go:66:             }
TestTerraformConfluentPlatformExample 2022-08-03T15:54:04Z logger.go:66:         }
TestTerraformConfluentPlatformExample 2022-08-03T15:54:04Z logger.go:66:
TestTerraformConfluentPlatformExample 2022-08-03T15:54:04Z logger.go:66:       + timeouts {
TestTerraformConfluentPlatformExample 2022-08-03T15:54:04Z logger.go:66:           + create = "1h"
TestTerraformConfluentPlatformExample 2022-08-03T15:54:04Z logger.go:66:           + delete = "10m"
TestTerraformConfluentPlatformExample 2022-08-03T15:54:04Z logger.go:66:           + update = "1h"
TestTerraformConfluentPlatformExample 2022-08-03T15:54:04Z logger.go:66:         }
TestTerraformConfluentPlatformExample 2022-08-03T15:54:04Z logger.go:66:
TestTerraformConfluentPlatformExample 2022-08-03T15:54:04Z logger.go:66:       + wait {
TestTerraformConfluentPlatformExample 2022-08-03T15:54:04Z logger.go:66:           + fields = {
TestTerraformConfluentPlatformExample 2022-08-03T15:54:04Z logger.go:66:               + "status.phase" = "RUNNING"
TestTerraformConfluentPlatformExample 2022-08-03T15:54:04Z logger.go:66:             }
TestTerraformConfluentPlatformExample 2022-08-03T15:54:04Z logger.go:66:         }
TestTerraformConfluentPlatformExample 2022-08-03T15:54:04Z logger.go:66:     }
TestTerraformConfluentPlatformExample 2022-08-03T15:54:04Z logger.go:66:
TestTerraformConfluentPlatformExample 2022-08-03T15:54:04Z logger.go:66:   # module.confluent_platform.kubernetes_manifest.components["ksqldb"] will be created
TestTerraformConfluentPlatformExample 2022-08-03T15:54:04Z logger.go:66:   + resource "kubernetes_manifest" "components" {
TestTerraformConfluentPlatformExample 2022-08-03T15:54:04Z logger.go:66:       + computed_fields = [
TestTerraformConfluentPlatformExample 2022-08-03T15:54:04Z logger.go:66:           + "metadata.finalizers",
TestTerraformConfluentPlatformExample 2022-08-03T15:54:04Z logger.go:66:         ]
TestTerraformConfluentPlatformExample 2022-08-03T15:54:04Z logger.go:66:       + manifest        = {
TestTerraformConfluentPlatformExample 2022-08-03T15:54:04Z logger.go:66:           + apiVersion = "platform.confluent.io/v1beta1"
TestTerraformConfluentPlatformExample 2022-08-03T15:54:04Z logger.go:66:           + kind       = "KsqlDB"
TestTerraformConfluentPlatformExample 2022-08-03T15:54:04Z logger.go:66:           + metadata   = {
TestTerraformConfluentPlatformExample 2022-08-03T15:54:04Z logger.go:66:               + name      = "ksqldb"
TestTerraformConfluentPlatformExample 2022-08-03T15:54:04Z logger.go:66:               + namespace = "confluent"
TestTerraformConfluentPlatformExample 2022-08-03T15:54:04Z logger.go:66:             }
TestTerraformConfluentPlatformExample 2022-08-03T15:54:04Z logger.go:66:           + spec       = {
TestTerraformConfluentPlatformExample 2022-08-03T15:54:04Z logger.go:66:               + dataVolumeCapacity = "10Gi"
TestTerraformConfluentPlatformExample 2022-08-03T15:54:04Z logger.go:66:               + image              = {
TestTerraformConfluentPlatformExample 2022-08-03T15:54:04Z logger.go:66:                   + application = "confluentinc/cp-ksqldb-server:7.2.0"
TestTerraformConfluentPlatformExample 2022-08-03T15:54:04Z logger.go:66:                   + init        = "confluentinc/confluent-init-container:2.4.0"
TestTerraformConfluentPlatformExample 2022-08-03T15:54:04Z logger.go:66:                 }
TestTerraformConfluentPlatformExample 2022-08-03T15:54:04Z logger.go:66:               + replicas           = 1
TestTerraformConfluentPlatformExample 2022-08-03T15:54:04Z logger.go:66:             }
TestTerraformConfluentPlatformExample 2022-08-03T15:54:04Z logger.go:66:         }
TestTerraformConfluentPlatformExample 2022-08-03T15:54:04Z logger.go:66:       + object          = {
TestTerraformConfluentPlatformExample 2022-08-03T15:54:04Z logger.go:66:           + apiVersion = "platform.confluent.io/v1beta1"
TestTerraformConfluentPlatformExample 2022-08-03T15:54:04Z logger.go:66:           + kind       = "KsqlDB"
TestTerraformConfluentPlatformExample 2022-08-03T15:54:04Z logger.go:66:           + metadata   = {
TestTerraformConfluentPlatformExample 2022-08-03T15:54:04Z logger.go:66:               + annotations                = (known after apply)
TestTerraformConfluentPlatformExample 2022-08-03T15:54:04Z logger.go:66:               + clusterName                = (known after apply)
TestTerraformConfluentPlatformExample 2022-08-03T15:54:04Z logger.go:66:               + creationTimestamp          = (known after apply)
TestTerraformConfluentPlatformExample 2022-08-03T15:54:04Z logger.go:66:               + deletionGracePeriodSeconds = (known after apply)
TestTerraformConfluentPlatformExample 2022-08-03T15:54:04Z logger.go:66:               + deletionTimestamp          = (known after apply)
TestTerraformConfluentPlatformExample 2022-08-03T15:54:04Z logger.go:66:               + finalizers                 = (known after apply)
TestTerraformConfluentPlatformExample 2022-08-03T15:54:04Z logger.go:66:               + generateName               = (known after apply)
TestTerraformConfluentPlatformExample 2022-08-03T15:54:04Z logger.go:66:               + generation                 = (known after apply)
TestTerraformConfluentPlatformExample 2022-08-03T15:54:04Z logger.go:66:               + labels                     = (known after apply)
TestTerraformConfluentPlatformExample 2022-08-03T15:54:04Z logger.go:66:               + managedFields              = (known after apply)
TestTerraformConfluentPlatformExample 2022-08-03T15:54:04Z logger.go:66:               + name                       = "ksqldb"
TestTerraformConfluentPlatformExample 2022-08-03T15:54:04Z logger.go:66:               + namespace                  = "confluent"
TestTerraformConfluentPlatformExample 2022-08-03T15:54:04Z logger.go:66:               + ownerReferences            = (known after apply)
TestTerraformConfluentPlatformExample 2022-08-03T15:54:04Z logger.go:66:               + resourceVersion            = (known after apply)
TestTerraformConfluentPlatformExample 2022-08-03T15:54:04Z logger.go:66:               + selfLink                   = (known after apply)
TestTerraformConfluentPlatformExample 2022-08-03T15:54:04Z logger.go:66:               + uid                        = (known after apply)
TestTerraformConfluentPlatformExample 2022-08-03T15:54:04Z logger.go:66:             }
TestTerraformConfluentPlatformExample 2022-08-03T15:54:04Z logger.go:66:           + spec       = {
TestTerraformConfluentPlatformExample 2022-08-03T15:54:04Z logger.go:66:               + authentication                 = {
TestTerraformConfluentPlatformExample 2022-08-03T15:54:04Z logger.go:66:                   + basic = {
TestTerraformConfluentPlatformExample 2022-08-03T15:54:04Z logger.go:66:                       + debug                    = (known after apply)
TestTerraformConfluentPlatformExample 2022-08-03T15:54:04Z logger.go:66:                       + directoryPathInContainer = (known after apply)
TestTerraformConfluentPlatformExample 2022-08-03T15:54:04Z logger.go:66:                       + restrictedRoles          = (known after apply)
TestTerraformConfluentPlatformExample 2022-08-03T15:54:04Z logger.go:66:                       + roles                    = (known after apply)
TestTerraformConfluentPlatformExample 2022-08-03T15:54:04Z logger.go:66:                       + secretRef                = (known after apply)
TestTerraformConfluentPlatformExample 2022-08-03T15:54:04Z logger.go:66:                     }
TestTerraformConfluentPlatformExample 2022-08-03T15:54:04Z logger.go:66:                   + type  = (known after apply)
TestTerraformConfluentPlatformExample 2022-08-03T15:54:04Z logger.go:66:                 }
TestTerraformConfluentPlatformExample 2022-08-03T15:54:04Z logger.go:66:               + authorization                  = {
TestTerraformConfluentPlatformExample 2022-08-03T15:54:04Z logger.go:66:                   + kafkaRestClassRef = {
TestTerraformConfluentPlatformExample 2022-08-03T15:54:04Z logger.go:66:                       + name      = (known after apply)
TestTerraformConfluentPlatformExample 2022-08-03T15:54:04Z logger.go:66:                       + namespace = (known after apply)
TestTerraformConfluentPlatformExample 2022-08-03T15:54:04Z logger.go:66:                     }
TestTerraformConfluentPlatformExample 2022-08-03T15:54:04Z logger.go:66:                   + type              = (known after apply)
TestTerraformConfluentPlatformExample 2022-08-03T15:54:04Z logger.go:66:                 }
TestTerraformConfluentPlatformExample 2022-08-03T15:54:04Z logger.go:66:               + configOverrides                = {
TestTerraformConfluentPlatformExample 2022-08-03T15:54:04Z logger.go:66:                   + jvm    = (known after apply)
TestTerraformConfluentPlatformExample 2022-08-03T15:54:04Z logger.go:66:                   + log4j  = (known after apply)
TestTerraformConfluentPlatformExample 2022-08-03T15:54:04Z logger.go:66:                   + server = (known after apply)
TestTerraformConfluentPlatformExample 2022-08-03T15:54:04Z logger.go:66:                 }
TestTerraformConfluentPlatformExample 2022-08-03T15:54:04Z logger.go:66:               + dataVolumeCapacity             = "10Gi"
TestTerraformConfluentPlatformExample 2022-08-03T15:54:04Z logger.go:66:               + dependencies                   = {
TestTerraformConfluentPlatformExample 2022-08-03T15:54:04Z logger.go:66:                   + interceptor    = {
TestTerraformConfluentPlatformExample 2022-08-03T15:54:04Z logger.go:66:                       + configs   = (known after apply)
TestTerraformConfluentPlatformExample 2022-08-03T15:54:04Z logger.go:66:                       + consumer  = {
TestTerraformConfluentPlatformExample 2022-08-03T15:54:04Z logger.go:66:                           + authentication    = {
TestTerraformConfluentPlatformExample 2022-08-03T15:54:04Z logger.go:66:                               + jaasConfig            = {
TestTerraformConfluentPlatformExample 2022-08-03T15:54:04Z logger.go:66:                                   + secretRef = (known after apply)
TestTerraformConfluentPlatformExample 2022-08-03T15:54:04Z logger.go:66:                                 }
TestTerraformConfluentPlatformExample 2022-08-03T15:54:04Z logger.go:66:                               + jaasConfigPassThrough = {
TestTerraformConfluentPlatformExample 2022-08-03T15:54:04Z logger.go:66:                                   + directoryPathInContainer = (known after apply)
TestTerraformConfluentPlatformExample 2022-08-03T15:54:04Z logger.go:66:                                   + secretRef                = (known after apply)
TestTerraformConfluentPlatformExample 2022-08-03T15:54:04Z logger.go:66:                                 }
TestTerraformConfluentPlatformExample 2022-08-03T15:54:04Z logger.go:66:                               + oauthbearer           = {
TestTerraformConfluentPlatformExample 2022-08-03T15:54:04Z logger.go:66:                                   + directoryPathInContainer = (known after apply)
TestTerraformConfluentPlatformExample 2022-08-03T15:54:04Z logger.go:66:                                   + secretRef                = (known after apply)
TestTerraformConfluentPlatformExample 2022-08-03T15:54:04Z logger.go:66:                                 }
TestTerraformConfluentPlatformExample 2022-08-03T15:54:04Z logger.go:66:                               + type                  = (known after apply)
TestTerraformConfluentPlatformExample 2022-08-03T15:54:04Z logger.go:66:                             }
TestTerraformConfluentPlatformExample 2022-08-03T15:54:04Z logger.go:66:                           + bootstrapEndpoint = (known after apply)
TestTerraformConfluentPlatformExample 2022-08-03T15:54:04Z logger.go:66:                           + discovery         = {
TestTerraformConfluentPlatformExample 2022-08-03T15:54:04Z logger.go:66:                               + name      = (known after apply)
TestTerraformConfluentPlatformExample 2022-08-03T15:54:04Z logger.go:66:                               + namespace = (known after apply)
TestTerraformConfluentPlatformExample 2022-08-03T15:54:04Z logger.go:66:                               + secretRef = (known after apply)
TestTerraformConfluentPlatformExample 2022-08-03T15:54:04Z logger.go:66:                             }
TestTerraformConfluentPlatformExample 2022-08-03T15:54:04Z logger.go:66:                           + tls               = {
TestTerraformConfluentPlatformExample 2022-08-03T15:54:04Z logger.go:66:                               + directoryPathInContainer = (known after apply)
TestTerraformConfluentPlatformExample 2022-08-03T15:54:04Z logger.go:66:                               + enabled                  = (known after apply)
TestTerraformConfluentPlatformExample 2022-08-03T15:54:04Z logger.go:66:                               + ignoreTrustStoreConfig   = (known after apply)
TestTerraformConfluentPlatformExample 2022-08-03T15:54:04Z logger.go:66:                               + jksPassword              = {
TestTerraformConfluentPlatformExample 2022-08-03T15:54:04Z logger.go:66:                                   + secretRef = (known after apply)
TestTerraformConfluentPlatformExample 2022-08-03T15:54:04Z logger.go:66:                                 }
TestTerraformConfluentPlatformExample 2022-08-03T15:54:04Z logger.go:66:                               + secretRef                = (known after apply)
TestTerraformConfluentPlatformExample 2022-08-03T15:54:04Z logger.go:66:                             }
TestTerraformConfluentPlatformExample 2022-08-03T15:54:04Z logger.go:66:                         }
TestTerraformConfluentPlatformExample 2022-08-03T15:54:04Z logger.go:66:                       + enabled   = (known after apply)
TestTerraformConfluentPlatformExample 2022-08-03T15:54:04Z logger.go:66:                       + producer  = {
TestTerraformConfluentPlatformExample 2022-08-03T15:54:04Z logger.go:66:                           + authentication    = {
TestTerraformConfluentPlatformExample 2022-08-03T15:54:04Z logger.go:66:                               + jaasConfig            = {
TestTerraformConfluentPlatformExample 2022-08-03T15:54:04Z logger.go:66:                                   + secretRef = (known after apply)
TestTerraformConfluentPlatformExample 2022-08-03T15:54:04Z logger.go:66:                                 }
TestTerraformConfluentPlatformExample 2022-08-03T15:54:04Z logger.go:66:                               + jaasConfigPassThrough = {
TestTerraformConfluentPlatformExample 2022-08-03T15:54:04Z logger.go:66:                                   + directoryPathInContainer = (known after apply)
TestTerraformConfluentPlatformExample 2022-08-03T15:54:04Z logger.go:66:                                   + secretRef                = (known after apply)
TestTerraformConfluentPlatformExample 2022-08-03T15:54:04Z logger.go:66:                                 }
TestTerraformConfluentPlatformExample 2022-08-03T15:54:04Z logger.go:66:                               + oauthbearer           = {
TestTerraformConfluentPlatformExample 2022-08-03T15:54:04Z logger.go:66:                                   + directoryPathInContainer = (known after apply)
TestTerraformConfluentPlatformExample 2022-08-03T15:54:04Z logger.go:66:                                   + secretRef                = (known after apply)
TestTerraformConfluentPlatformExample 2022-08-03T15:54:04Z logger.go:66:                                 }
TestTerraformConfluentPlatformExample 2022-08-03T15:54:04Z logger.go:66:                               + type                  = (known after apply)
TestTerraformConfluentPlatformExample 2022-08-03T15:54:04Z logger.go:66:                             }
TestTerraformConfluentPlatformExample 2022-08-03T15:54:04Z logger.go:66:                           + bootstrapEndpoint = (known after apply)
TestTerraformConfluentPlatformExample 2022-08-03T15:54:04Z logger.go:66:                           + discovery         = {
TestTerraformConfluentPlatformExample 2022-08-03T15:54:04Z logger.go:66:                               + name      = (known after apply)
TestTerraformConfluentPlatformExample 2022-08-03T15:54:04Z logger.go:66:                               + namespace = (known after apply)
TestTerraformConfluentPlatformExample 2022-08-03T15:54:04Z logger.go:66:                               + secretRef = (known after apply)
TestTerraformConfluentPlatformExample 2022-08-03T15:54:04Z logger.go:66:                             }
TestTerraformConfluentPlatformExample 2022-08-03T15:54:04Z logger.go:66:                           + tls               = {
TestTerraformConfluentPlatformExample 2022-08-03T15:54:04Z logger.go:66:                               + directoryPathInContainer = (known after apply)
TestTerraformConfluentPlatformExample 2022-08-03T15:54:04Z logger.go:66:                               + enabled                  = (known after apply)
TestTerraformConfluentPlatformExample 2022-08-03T15:54:04Z logger.go:66:                               + ignoreTrustStoreConfig   = (known after apply)
TestTerraformConfluentPlatformExample 2022-08-03T15:54:04Z logger.go:66:                               + jksPassword              = {
TestTerraformConfluentPlatformExample 2022-08-03T15:54:04Z logger.go:66:                                   + secretRef = (known after apply)
TestTerraformConfluentPlatformExample 2022-08-03T15:54:04Z logger.go:66:                                 }
TestTerraformConfluentPlatformExample 2022-08-03T15:54:04Z logger.go:66:                               + secretRef                = (known after apply)
TestTerraformConfluentPlatformExample 2022-08-03T15:54:04Z logger.go:66:                             }
TestTerraformConfluentPlatformExample 2022-08-03T15:54:04Z logger.go:66:                         }
TestTerraformConfluentPlatformExample 2022-08-03T15:54:04Z logger.go:66:                       + publishMs = (known after apply)
TestTerraformConfluentPlatformExample 2022-08-03T15:54:04Z logger.go:66:                     }
TestTerraformConfluentPlatformExample 2022-08-03T15:54:04Z logger.go:66:                   + kafka          = {
TestTerraformConfluentPlatformExample 2022-08-03T15:54:04Z logger.go:66:                       + authentication    = {
TestTerraformConfluentPlatformExample 2022-08-03T15:54:04Z logger.go:66:                           + jaasConfig            = {
TestTerraformConfluentPlatformExample 2022-08-03T15:54:04Z logger.go:66:                               + secretRef = (known after apply)
TestTerraformConfluentPlatformExample 2022-08-03T15:54:04Z logger.go:66:                             }
TestTerraformConfluentPlatformExample 2022-08-03T15:54:04Z logger.go:66:                           + jaasConfigPassThrough = {
TestTerraformConfluentPlatformExample 2022-08-03T15:54:04Z logger.go:66:                               + directoryPathInContainer = (known after apply)
TestTerraformConfluentPlatformExample 2022-08-03T15:54:04Z logger.go:66:                               + secretRef                = (known after apply)
TestTerraformConfluentPlatformExample 2022-08-03T15:54:04Z logger.go:66:                             }
TestTerraformConfluentPlatformExample 2022-08-03T15:54:04Z logger.go:66:                           + oauthbearer           = {
TestTerraformConfluentPlatformExample 2022-08-03T15:54:04Z logger.go:66:                               + directoryPathInContainer = (known after apply)
TestTerraformConfluentPlatformExample 2022-08-03T15:54:04Z logger.go:66:                               + secretRef                = (known after apply)
TestTerraformConfluentPlatformExample 2022-08-03T15:54:04Z logger.go:66:                             }
TestTerraformConfluentPlatformExample 2022-08-03T15:54:04Z logger.go:66:                           + type                  = (known after apply)
TestTerraformConfluentPlatformExample 2022-08-03T15:54:04Z logger.go:66:                         }
TestTerraformConfluentPlatformExample 2022-08-03T15:54:04Z logger.go:66:                       + bootstrapEndpoint = (known after apply)
TestTerraformConfluentPlatformExample 2022-08-03T15:54:04Z logger.go:66:                       + discovery         = {
TestTerraformConfluentPlatformExample 2022-08-03T15:54:04Z logger.go:66:                           + name      = (known after apply)
TestTerraformConfluentPlatformExample 2022-08-03T15:54:04Z logger.go:66:                           + namespace = (known after apply)
TestTerraformConfluentPlatformExample 2022-08-03T15:54:04Z logger.go:66:                           + secretRef = (known after apply)
TestTerraformConfluentPlatformExample 2022-08-03T15:54:04Z logger.go:66:                         }
TestTerraformConfluentPlatformExample 2022-08-03T15:54:04Z logger.go:66:                       + tls               = {
TestTerraformConfluentPlatformExample 2022-08-03T15:54:04Z logger.go:66:                           + directoryPathInContainer = (known after apply)
TestTerraformConfluentPlatformExample 2022-08-03T15:54:04Z logger.go:66:                           + enabled                  = (known after apply)
TestTerraformConfluentPlatformExample 2022-08-03T15:54:04Z logger.go:66:                           + ignoreTrustStoreConfig   = (known after apply)
TestTerraformConfluentPlatformExample 2022-08-03T15:54:04Z logger.go:66:                           + jksPassword              = {
TestTerraformConfluentPlatformExample 2022-08-03T15:54:04Z logger.go:66:                               + secretRef = (known after apply)
TestTerraformConfluentPlatformExample 2022-08-03T15:54:04Z logger.go:66:                             }
TestTerraformConfluentPlatformExample 2022-08-03T15:54:04Z logger.go:66:                           + secretRef                = (known after apply)
TestTerraformConfluentPlatformExample 2022-08-03T15:54:04Z logger.go:66:                         }
TestTerraformConfluentPlatformExample 2022-08-03T15:54:04Z logger.go:66:                     }
TestTerraformConfluentPlatformExample 2022-08-03T15:54:04Z logger.go:66:                   + mds            = {
TestTerraformConfluentPlatformExample 2022-08-03T15:54:04Z logger.go:66:                       + authentication = {
TestTerraformConfluentPlatformExample 2022-08-03T15:54:04Z logger.go:66:                           + bearer = {
TestTerraformConfluentPlatformExample 2022-08-03T15:54:04Z logger.go:66:                               + directoryPathInContainer = (known after apply)
TestTerraformConfluentPlatformExample 2022-08-03T15:54:04Z logger.go:66:                               + secretRef                = (known after apply)
TestTerraformConfluentPlatformExample 2022-08-03T15:54:04Z logger.go:66:                             }
TestTerraformConfluentPlatformExample 2022-08-03T15:54:04Z logger.go:66:                           + type   = (known after apply)
TestTerraformConfluentPlatformExample 2022-08-03T15:54:04Z logger.go:66:                         }
TestTerraformConfluentPlatformExample 2022-08-03T15:54:04Z logger.go:66:                       + endpoint       = (known after apply)
TestTerraformConfluentPlatformExample 2022-08-03T15:54:04Z logger.go:66:                       + tls            = {
TestTerraformConfluentPlatformExample 2022-08-03T15:54:04Z logger.go:66:                           + directoryPathInContainer = (known after apply)
TestTerraformConfluentPlatformExample 2022-08-03T15:54:04Z logger.go:66:                           + enabled                  = (known after apply)
TestTerraformConfluentPlatformExample 2022-08-03T15:54:04Z logger.go:66:                           + ignoreTrustStoreConfig   = (known after apply)
TestTerraformConfluentPlatformExample 2022-08-03T15:54:04Z logger.go:66:                           + jksPassword              = {
TestTerraformConfluentPlatformExample 2022-08-03T15:54:04Z logger.go:66:                               + secretRef = (known after apply)
TestTerraformConfluentPlatformExample 2022-08-03T15:54:04Z logger.go:66:                             }
TestTerraformConfluentPlatformExample 2022-08-03T15:54:04Z logger.go:66:                           + secretRef                = (known after apply)
TestTerraformConfluentPlatformExample 2022-08-03T15:54:04Z logger.go:66:                         }
TestTerraformConfluentPlatformExample 2022-08-03T15:54:04Z logger.go:66:                       + tokenKeyPair   = {
TestTerraformConfluentPlatformExample 2022-08-03T15:54:04Z logger.go:66:                           + directoryPathInContainer = (known after apply)
TestTerraformConfluentPlatformExample 2022-08-03T15:54:04Z logger.go:66:                           + secretRef                = (known after apply)
TestTerraformConfluentPlatformExample 2022-08-03T15:54:04Z logger.go:66:                         }
TestTerraformConfluentPlatformExample 2022-08-03T15:54:04Z logger.go:66:                     }
TestTerraformConfluentPlatformExample 2022-08-03T15:54:04Z logger.go:66:                   + schemaRegistry = {
TestTerraformConfluentPlatformExample 2022-08-03T15:54:04Z logger.go:66:                       + authentication = {
TestTerraformConfluentPlatformExample 2022-08-03T15:54:04Z logger.go:66:                           + basic = {
TestTerraformConfluentPlatformExample 2022-08-03T15:54:04Z logger.go:66:                               + debug                    = (known after apply)
TestTerraformConfluentPlatformExample 2022-08-03T15:54:04Z logger.go:66:                               + directoryPathInContainer = (known after apply)
TestTerraformConfluentPlatformExample 2022-08-03T15:54:04Z logger.go:66:                               + restrictedRoles          = (known after apply)
TestTerraformConfluentPlatformExample 2022-08-03T15:54:04Z logger.go:66:                               + roles                    = (known after apply)
TestTerraformConfluentPlatformExample 2022-08-03T15:54:04Z logger.go:66:                               + secretRef                = (known after apply)
TestTerraformConfluentPlatformExample 2022-08-03T15:54:04Z logger.go:66:                             }
TestTerraformConfluentPlatformExample 2022-08-03T15:54:04Z logger.go:66:                           + type  = (known after apply)
TestTerraformConfluentPlatformExample 2022-08-03T15:54:04Z logger.go:66:                         }
TestTerraformConfluentPlatformExample 2022-08-03T15:54:04Z logger.go:66:                       + tls            = {
TestTerraformConfluentPlatformExample 2022-08-03T15:54:04Z logger.go:66:                           + directoryPathInContainer = (known after apply)
TestTerraformConfluentPlatformExample 2022-08-03T15:54:04Z logger.go:66:                           + enabled                  = (known after apply)
TestTerraformConfluentPlatformExample 2022-08-03T15:54:04Z logger.go:66:                           + ignoreTrustStoreConfig   = (known after apply)
TestTerraformConfluentPlatformExample 2022-08-03T15:54:04Z logger.go:66:                           + jksPassword              = {
TestTerraformConfluentPlatformExample 2022-08-03T15:54:04Z logger.go:66:                               + secretRef = (known after apply)
TestTerraformConfluentPlatformExample 2022-08-03T15:54:04Z logger.go:66:                             }
TestTerraformConfluentPlatformExample 2022-08-03T15:54:04Z logger.go:66:                           + secretRef                = (known after apply)
TestTerraformConfluentPlatformExample 2022-08-03T15:54:04Z logger.go:66:                         }
TestTerraformConfluentPlatformExample 2022-08-03T15:54:04Z logger.go:66:                       + url            = (known after apply)
TestTerraformConfluentPlatformExample 2022-08-03T15:54:04Z logger.go:66:                     }
TestTerraformConfluentPlatformExample 2022-08-03T15:54:04Z logger.go:66:                 }
TestTerraformConfluentPlatformExample 2022-08-03T15:54:04Z logger.go:66:               + externalAccess                 = {
TestTerraformConfluentPlatformExample 2022-08-03T15:54:04Z logger.go:66:                   + loadBalancer = {
TestTerraformConfluentPlatformExample 2022-08-03T15:54:04Z logger.go:66:                       + advertisedURL            = {
TestTerraformConfluentPlatformExample 2022-08-03T15:54:04Z logger.go:66:                           + enabled = (known after apply)
TestTerraformConfluentPlatformExample 2022-08-03T15:54:04Z logger.go:66:                           + prefix  = (known after apply)
TestTerraformConfluentPlatformExample 2022-08-03T15:54:04Z logger.go:66:                         }
TestTerraformConfluentPlatformExample 2022-08-03T15:54:04Z logger.go:66:                       + annotations              = (known after apply)
TestTerraformConfluentPlatformExample 2022-08-03T15:54:04Z logger.go:66:                       + domain                   = (known after apply)
TestTerraformConfluentPlatformExample 2022-08-03T15:54:04Z logger.go:66:                       + externalTrafficPolicy    = (known after apply)
TestTerraformConfluentPlatformExample 2022-08-03T15:54:04Z logger.go:66:                       + labels                   = (known after apply)
TestTerraformConfluentPlatformExample 2022-08-03T15:54:04Z logger.go:66:                       + loadBalancerSourceRanges = (known after apply)
TestTerraformConfluentPlatformExample 2022-08-03T15:54:04Z logger.go:66:                       + port                     = (known after apply)
TestTerraformConfluentPlatformExample 2022-08-03T15:54:04Z logger.go:66:                       + prefix                   = (known after apply)
TestTerraformConfluentPlatformExample 2022-08-03T15:54:04Z logger.go:66:                       + servicePorts             = (known after apply)
TestTerraformConfluentPlatformExample 2022-08-03T15:54:04Z logger.go:66:                       + sessionAffinity          = (known after apply)
TestTerraformConfluentPlatformExample 2022-08-03T15:54:04Z logger.go:66:                       + sessionAffinityConfig    = {
TestTerraformConfluentPlatformExample 2022-08-03T15:54:04Z logger.go:66:                           + clientIP = {
TestTerraformConfluentPlatformExample 2022-08-03T15:54:04Z logger.go:66:                               + timeoutSeconds = (known after apply)
TestTerraformConfluentPlatformExample 2022-08-03T15:54:04Z logger.go:66:                             }
TestTerraformConfluentPlatformExample 2022-08-03T15:54:04Z logger.go:66:                         }
TestTerraformConfluentPlatformExample 2022-08-03T15:54:04Z logger.go:66:                     }
TestTerraformConfluentPlatformExample 2022-08-03T15:54:04Z logger.go:66:                   + nodePort     = {
TestTerraformConfluentPlatformExample 2022-08-03T15:54:04Z logger.go:66:                       + advertisedURL         = {
TestTerraformConfluentPlatformExample 2022-08-03T15:54:04Z logger.go:66:                           + enabled = (known after apply)
TestTerraformConfluentPlatformExample 2022-08-03T15:54:04Z logger.go:66:                           + prefix  = (known after apply)
TestTerraformConfluentPlatformExample 2022-08-03T15:54:04Z logger.go:66:                         }
TestTerraformConfluentPlatformExample 2022-08-03T15:54:04Z logger.go:66:                       + annotations           = (known after apply)
TestTerraformConfluentPlatformExample 2022-08-03T15:54:04Z logger.go:66:                       + externalTrafficPolicy = (known after apply)
TestTerraformConfluentPlatformExample 2022-08-03T15:54:04Z logger.go:66:                       + host                  = (known after apply)
TestTerraformConfluentPlatformExample 2022-08-03T15:54:04Z logger.go:66:                       + labels                = (known after apply)
TestTerraformConfluentPlatformExample 2022-08-03T15:54:04Z logger.go:66:                       + nodePortOffset        = (known after apply)
TestTerraformConfluentPlatformExample 2022-08-03T15:54:04Z logger.go:66:                       + servicePorts          = (known after apply)
TestTerraformConfluentPlatformExample 2022-08-03T15:54:04Z logger.go:66:                       + sessionAffinity       = (known after apply)
TestTerraformConfluentPlatformExample 2022-08-03T15:54:04Z logger.go:66:                       + sessionAffinityConfig = {
TestTerraformConfluentPlatformExample 2022-08-03T15:54:04Z logger.go:66:                           + clientIP = {
TestTerraformConfluentPlatformExample 2022-08-03T15:54:04Z logger.go:66:                               + timeoutSeconds = (known after apply)
TestTerraformConfluentPlatformExample 2022-08-03T15:54:04Z logger.go:66:                             }
TestTerraformConfluentPlatformExample 2022-08-03T15:54:04Z logger.go:66:                         }
TestTerraformConfluentPlatformExample 2022-08-03T15:54:04Z logger.go:66:                     }
TestTerraformConfluentPlatformExample 2022-08-03T15:54:04Z logger.go:66:                   + route        = {
TestTerraformConfluentPlatformExample 2022-08-03T15:54:04Z logger.go:66:                       + annotations    = (known after apply)
TestTerraformConfluentPlatformExample 2022-08-03T15:54:04Z logger.go:66:                       + domain         = (known after apply)
TestTerraformConfluentPlatformExample 2022-08-03T15:54:04Z logger.go:66:                       + labels         = (known after apply)
TestTerraformConfluentPlatformExample 2022-08-03T15:54:04Z logger.go:66:                       + prefix         = (known after apply)
TestTerraformConfluentPlatformExample 2022-08-03T15:54:04Z logger.go:66:                       + wildcardPolicy = (known after apply)
TestTerraformConfluentPlatformExample 2022-08-03T15:54:04Z logger.go:66:                     }
TestTerraformConfluentPlatformExample 2022-08-03T15:54:04Z logger.go:66:                   + type         = (known after apply)
TestTerraformConfluentPlatformExample 2022-08-03T15:54:04Z logger.go:66:                 }
TestTerraformConfluentPlatformExample 2022-08-03T15:54:04Z logger.go:66:               + headlessService                = {
TestTerraformConfluentPlatformExample 2022-08-03T15:54:04Z logger.go:66:                   + annotations              = (known after apply)
TestTerraformConfluentPlatformExample 2022-08-03T15:54:04Z logger.go:66:                   + labels                   = (known after apply)
TestTerraformConfluentPlatformExample 2022-08-03T15:54:04Z logger.go:66:                   + publishNotReadyAddresses = (known after apply)
TestTerraformConfluentPlatformExample 2022-08-03T15:54:04Z logger.go:66:                 }
TestTerraformConfluentPlatformExample 2022-08-03T15:54:04Z logger.go:66:               + image                          = {
TestTerraformConfluentPlatformExample 2022-08-03T15:54:04Z logger.go:66:                   + application   = "confluentinc/cp-ksqldb-server:7.2.0"
TestTerraformConfluentPlatformExample 2022-08-03T15:54:04Z logger.go:66:                   + init          = "confluentinc/confluent-init-container:2.4.0"
TestTerraformConfluentPlatformExample 2022-08-03T15:54:04Z logger.go:66:                   + pullPolicy    = (known after apply)
TestTerraformConfluentPlatformExample 2022-08-03T15:54:04Z logger.go:66:                   + pullSecretRef = (known after apply)
TestTerraformConfluentPlatformExample 2022-08-03T15:54:04Z logger.go:66:                 }
TestTerraformConfluentPlatformExample 2022-08-03T15:54:04Z logger.go:66:               + injectAnnotations              = (known after apply)
TestTerraformConfluentPlatformExample 2022-08-03T15:54:04Z logger.go:66:               + injectLabels                   = (known after apply)
TestTerraformConfluentPlatformExample 2022-08-03T15:54:04Z logger.go:66:               + internalTopicReplicationFactor = (known after apply)
TestTerraformConfluentPlatformExample 2022-08-03T15:54:04Z logger.go:66:               + k8sClusterDomain               = (known after apply)
TestTerraformConfluentPlatformExample 2022-08-03T15:54:04Z logger.go:66:               + license                        = {
TestTerraformConfluentPlatformExample 2022-08-03T15:54:04Z logger.go:66:                   + directoryPathInContainer = (known after apply)
TestTerraformConfluentPlatformExample 2022-08-03T15:54:04Z logger.go:66:                   + globalLicense            = (known after apply)
TestTerraformConfluentPlatformExample 2022-08-03T15:54:04Z logger.go:66:                   + secretRef                = (known after apply)
TestTerraformConfluentPlatformExample 2022-08-03T15:54:04Z logger.go:66:                 }
TestTerraformConfluentPlatformExample 2022-08-03T15:54:04Z logger.go:66:               + metrics                        = {
TestTerraformConfluentPlatformExample 2022-08-03T15:54:04Z logger.go:66:                   + authentication = {
TestTerraformConfluentPlatformExample 2022-08-03T15:54:04Z logger.go:66:                       + type = (known after apply)
TestTerraformConfluentPlatformExample 2022-08-03T15:54:04Z logger.go:66:                     }
TestTerraformConfluentPlatformExample 2022-08-03T15:54:04Z logger.go:66:                   + prometheus     = {
TestTerraformConfluentPlatformExample 2022-08-03T15:54:04Z logger.go:66:                       + blacklist = (known after apply)
TestTerraformConfluentPlatformExample 2022-08-03T15:54:04Z logger.go:66:                       + rules     = (known after apply)
TestTerraformConfluentPlatformExample 2022-08-03T15:54:04Z logger.go:66:                       + whitelist = (known after apply)
TestTerraformConfluentPlatformExample 2022-08-03T15:54:04Z logger.go:66:                     }
TestTerraformConfluentPlatformExample 2022-08-03T15:54:04Z logger.go:66:                   + tls            = {
TestTerraformConfluentPlatformExample 2022-08-03T15:54:04Z logger.go:66:                       + directoryPathInContainer = (known after apply)
TestTerraformConfluentPlatformExample 2022-08-03T15:54:04Z logger.go:66:                       + enabled                  = (known after apply)
TestTerraformConfluentPlatformExample 2022-08-03T15:54:04Z logger.go:66:                       + ignoreTrustStoreConfig   = (known after apply)
TestTerraformConfluentPlatformExample 2022-08-03T15:54:04Z logger.go:66:                       + jksPassword              = {
TestTerraformConfluentPlatformExample 2022-08-03T15:54:04Z logger.go:66:                           + secretRef = (known after apply)
TestTerraformConfluentPlatformExample 2022-08-03T15:54:04Z logger.go:66:                         }
TestTerraformConfluentPlatformExample 2022-08-03T15:54:04Z logger.go:66:                       + secretRef                = (known after apply)
TestTerraformConfluentPlatformExample 2022-08-03T15:54:04Z logger.go:66:                     }
TestTerraformConfluentPlatformExample 2022-08-03T15:54:04Z logger.go:66:                 }
TestTerraformConfluentPlatformExample 2022-08-03T15:54:04Z logger.go:66:               + mountedSecrets                 = (known after apply)
TestTerraformConfluentPlatformExample 2022-08-03T15:54:04Z logger.go:66:               + mountedVolumes                 = {
TestTerraformConfluentPlatformExample 2022-08-03T15:54:04Z logger.go:66:                   + volumeMounts = (known after apply)
TestTerraformConfluentPlatformExample 2022-08-03T15:54:04Z logger.go:66:                   + volumes      = (known after apply)
TestTerraformConfluentPlatformExample 2022-08-03T15:54:04Z logger.go:66:                 }
TestTerraformConfluentPlatformExample 2022-08-03T15:54:04Z logger.go:66:               + oneReplicaPerNode              = (known after apply)
TestTerraformConfluentPlatformExample 2022-08-03T15:54:04Z logger.go:66:               + podTemplate                    = {
TestTerraformConfluentPlatformExample 2022-08-03T15:54:04Z logger.go:66:                   + affinity                      = {
TestTerraformConfluentPlatformExample 2022-08-03T15:54:04Z logger.go:66:                       + nodeAffinity    = {
TestTerraformConfluentPlatformExample 2022-08-03T15:54:04Z logger.go:66:                           + preferredDuringSchedulingIgnoredDuringExecution = (known after apply)
TestTerraformConfluentPlatformExample 2022-08-03T15:54:04Z logger.go:66:                           + requiredDuringSchedulingIgnoredDuringExecution  = {
TestTerraformConfluentPlatformExample 2022-08-03T15:54:04Z logger.go:66:                               + nodeSelectorTerms = (known after apply)
TestTerraformConfluentPlatformExample 2022-08-03T15:54:04Z logger.go:66:                             }
TestTerraformConfluentPlatformExample 2022-08-03T15:54:04Z logger.go:66:                         }
TestTerraformConfluentPlatformExample 2022-08-03T15:54:04Z logger.go:66:                       + podAffinity     = {
TestTerraformConfluentPlatformExample 2022-08-03T15:54:04Z logger.go:66:                           + preferredDuringSchedulingIgnoredDuringExecution = (known after apply)
TestTerraformConfluentPlatformExample 2022-08-03T15:54:04Z logger.go:66:                           + requiredDuringSchedulingIgnoredDuringExecution  = (known after apply)
TestTerraformConfluentPlatformExample 2022-08-03T15:54:04Z logger.go:66:                         }
TestTerraformConfluentPlatformExample 2022-08-03T15:54:04Z logger.go:66:                       + podAntiAffinity = {
TestTerraformConfluentPlatformExample 2022-08-03T15:54:04Z logger.go:66:                           + preferredDuringSchedulingIgnoredDuringExecution = (known after apply)
TestTerraformConfluentPlatformExample 2022-08-03T15:54:04Z logger.go:66:                           + requiredDuringSchedulingIgnoredDuringExecution  = (known after apply)
TestTerraformConfluentPlatformExample 2022-08-03T15:54:04Z logger.go:66:                         }
TestTerraformConfluentPlatformExample 2022-08-03T15:54:04Z logger.go:66:                     }
TestTerraformConfluentPlatformExample 2022-08-03T15:54:04Z logger.go:66:                   + annotations                   = (known after apply)
TestTerraformConfluentPlatformExample 2022-08-03T15:54:04Z logger.go:66:                   + envVars                       = (known after apply)
TestTerraformConfluentPlatformExample 2022-08-03T15:54:04Z logger.go:66:                   + labels                        = (known after apply)
TestTerraformConfluentPlatformExample 2022-08-03T15:54:04Z logger.go:66:                   + podSecurityContext            = {
TestTerraformConfluentPlatformExample 2022-08-03T15:54:04Z logger.go:66:                       + fsGroup             = (known after apply)
TestTerraformConfluentPlatformExample 2022-08-03T15:54:04Z logger.go:66:                       + fsGroupChangePolicy = (known after apply)
TestTerraformConfluentPlatformExample 2022-08-03T15:54:04Z logger.go:66:                       + runAsGroup          = (known after apply)
TestTerraformConfluentPlatformExample 2022-08-03T15:54:04Z logger.go:66:                       + runAsNonRoot        = (known after apply)
TestTerraformConfluentPlatformExample 2022-08-03T15:54:04Z logger.go:66:                       + runAsUser           = (known after apply)
TestTerraformConfluentPlatformExample 2022-08-03T15:54:04Z logger.go:66:                       + seLinuxOptions      = {
TestTerraformConfluentPlatformExample 2022-08-03T15:54:04Z logger.go:66:                           + level = (known after apply)
TestTerraformConfluentPlatformExample 2022-08-03T15:54:04Z logger.go:66:                           + role  = (known after apply)
TestTerraformConfluentPlatformExample 2022-08-03T15:54:04Z logger.go:66:                           + type  = (known after apply)
TestTerraformConfluentPlatformExample 2022-08-03T15:54:04Z logger.go:66:                           + user  = (known after apply)
TestTerraformConfluentPlatformExample 2022-08-03T15:54:04Z logger.go:66:                         }
TestTerraformConfluentPlatformExample 2022-08-03T15:54:04Z logger.go:66:                       + seccompProfile      = {
TestTerraformConfluentPlatformExample 2022-08-03T15:54:04Z logger.go:66:                           + localhostProfile = (known after apply)
TestTerraformConfluentPlatformExample 2022-08-03T15:54:04Z logger.go:66:                           + type             = (known after apply)
TestTerraformConfluentPlatformExample 2022-08-03T15:54:04Z logger.go:66:                         }
TestTerraformConfluentPlatformExample 2022-08-03T15:54:04Z logger.go:66:                       + supplementalGroups  = (known after apply)
TestTerraformConfluentPlatformExample 2022-08-03T15:54:04Z logger.go:66:                       + sysctls             = (known after apply)
TestTerraformConfluentPlatformExample 2022-08-03T15:54:04Z logger.go:66:                       + windowsOptions      = {
TestTerraformConfluentPlatformExample 2022-08-03T15:54:04Z logger.go:66:                           + gmsaCredentialSpec     = (known after apply)
TestTerraformConfluentPlatformExample 2022-08-03T15:54:04Z logger.go:66:                           + gmsaCredentialSpecName = (known after apply)
TestTerraformConfluentPlatformExample 2022-08-03T15:54:04Z logger.go:66:                           + hostProcess            = (known after apply)
TestTerraformConfluentPlatformExample 2022-08-03T15:54:04Z logger.go:66:                           + runAsUserName          = (known after apply)
TestTerraformConfluentPlatformExample 2022-08-03T15:54:04Z logger.go:66:                         }
TestTerraformConfluentPlatformExample 2022-08-03T15:54:04Z logger.go:66:                     }
TestTerraformConfluentPlatformExample 2022-08-03T15:54:04Z logger.go:66:                   + priorityClassName             = (known after apply)
TestTerraformConfluentPlatformExample 2022-08-03T15:54:04Z logger.go:66:                   + probe                         = {
TestTerraformConfluentPlatformExample 2022-08-03T15:54:04Z logger.go:66:                       + liveness  = {
TestTerraformConfluentPlatformExample 2022-08-03T15:54:04Z logger.go:66:                           + failureThreshold    = (known after apply)
TestTerraformConfluentPlatformExample 2022-08-03T15:54:04Z logger.go:66:                           + initialDelaySeconds = (known after apply)
TestTerraformConfluentPlatformExample 2022-08-03T15:54:04Z logger.go:66:                           + periodSeconds       = (known after apply)
TestTerraformConfluentPlatformExample 2022-08-03T15:54:04Z logger.go:66:                           + successThreshold    = (known after apply)
TestTerraformConfluentPlatformExample 2022-08-03T15:54:04Z logger.go:66:                           + timeoutSeconds      = (known after apply)
TestTerraformConfluentPlatformExample 2022-08-03T15:54:04Z logger.go:66:                         }
TestTerraformConfluentPlatformExample 2022-08-03T15:54:04Z logger.go:66:                       + readiness = {
TestTerraformConfluentPlatformExample 2022-08-03T15:54:04Z logger.go:66:                           + failureThreshold    = (known after apply)
TestTerraformConfluentPlatformExample 2022-08-03T15:54:04Z logger.go:66:                           + initialDelaySeconds = (known after apply)
TestTerraformConfluentPlatformExample 2022-08-03T15:54:04Z logger.go:66:                           + periodSeconds       = (known after apply)
TestTerraformConfluentPlatformExample 2022-08-03T15:54:04Z logger.go:66:                           + successThreshold    = (known after apply)
TestTerraformConfluentPlatformExample 2022-08-03T15:54:04Z logger.go:66:                           + timeoutSeconds      = (known after apply)
TestTerraformConfluentPlatformExample 2022-08-03T15:54:04Z logger.go:66:                         }
TestTerraformConfluentPlatformExample 2022-08-03T15:54:04Z logger.go:66:                     }
TestTerraformConfluentPlatformExample 2022-08-03T15:54:04Z logger.go:66:                   + resources                     = {
TestTerraformConfluentPlatformExample 2022-08-03T15:54:04Z logger.go:66:                       + limits   = (known after apply)
TestTerraformConfluentPlatformExample 2022-08-03T15:54:04Z logger.go:66:                       + requests = (known after apply)
TestTerraformConfluentPlatformExample 2022-08-03T15:54:04Z logger.go:66:                     }
TestTerraformConfluentPlatformExample 2022-08-03T15:54:04Z logger.go:66:                   + securityContext               = {
TestTerraformConfluentPlatformExample 2022-08-03T15:54:04Z logger.go:66:                       + allowPrivilegeEscalation = (known after apply)
TestTerraformConfluentPlatformExample 2022-08-03T15:54:04Z logger.go:66:                       + capabilities             = {
TestTerraformConfluentPlatformExample 2022-08-03T15:54:04Z logger.go:66:                           + add  = (known after apply)
TestTerraformConfluentPlatformExample 2022-08-03T15:54:04Z logger.go:66:                           + drop = (known after apply)
TestTerraformConfluentPlatformExample 2022-08-03T15:54:04Z logger.go:66:                         }
TestTerraformConfluentPlatformExample 2022-08-03T15:54:04Z logger.go:66:                       + privileged               = (known after apply)
TestTerraformConfluentPlatformExample 2022-08-03T15:54:04Z logger.go:66:                       + procMount                = (known after apply)
TestTerraformConfluentPlatformExample 2022-08-03T15:54:04Z logger.go:66:                       + readOnlyRootFilesystem   = (known after apply)
TestTerraformConfluentPlatformExample 2022-08-03T15:54:04Z logger.go:66:                       + runAsGroup               = (known after apply)
TestTerraformConfluentPlatformExample 2022-08-03T15:54:04Z logger.go:66:                       + runAsNonRoot             = (known after apply)
TestTerraformConfluentPlatformExample 2022-08-03T15:54:04Z logger.go:66:                       + runAsUser                = (known after apply)
TestTerraformConfluentPlatformExample 2022-08-03T15:54:04Z logger.go:66:                       + seLinuxOptions           = {
TestTerraformConfluentPlatformExample 2022-08-03T15:54:04Z logger.go:66:                           + level = (known after apply)
TestTerraformConfluentPlatformExample 2022-08-03T15:54:04Z logger.go:66:                           + role  = (known after apply)
TestTerraformConfluentPlatformExample 2022-08-03T15:54:04Z logger.go:66:                           + type  = (known after apply)
TestTerraformConfluentPlatformExample 2022-08-03T15:54:04Z logger.go:66:                           + user  = (known after apply)
TestTerraformConfluentPlatformExample 2022-08-03T15:54:04Z logger.go:66:                         }
TestTerraformConfluentPlatformExample 2022-08-03T15:54:04Z logger.go:66:                       + seccompProfile           = {
TestTerraformConfluentPlatformExample 2022-08-03T15:54:04Z logger.go:66:                           + localhostProfile = (known after apply)
TestTerraformConfluentPlatformExample 2022-08-03T15:54:04Z logger.go:66:                           + type             = (known after apply)
TestTerraformConfluentPlatformExample 2022-08-03T15:54:04Z logger.go:66:                         }
TestTerraformConfluentPlatformExample 2022-08-03T15:54:04Z logger.go:66:                       + windowsOptions           = {
TestTerraformConfluentPlatformExample 2022-08-03T15:54:04Z logger.go:66:                           + gmsaCredentialSpec     = (known after apply)
TestTerraformConfluentPlatformExample 2022-08-03T15:54:04Z logger.go:66:                           + gmsaCredentialSpecName = (known after apply)
TestTerraformConfluentPlatformExample 2022-08-03T15:54:04Z logger.go:66:                           + hostProcess            = (known after apply)
TestTerraformConfluentPlatformExample 2022-08-03T15:54:04Z logger.go:66:                           + runAsUserName          = (known after apply)
TestTerraformConfluentPlatformExample 2022-08-03T15:54:04Z logger.go:66:                         }
TestTerraformConfluentPlatformExample 2022-08-03T15:54:04Z logger.go:66:                     }
TestTerraformConfluentPlatformExample 2022-08-03T15:54:04Z logger.go:66:                   + serviceAccountName            = (known after apply)
TestTerraformConfluentPlatformExample 2022-08-03T15:54:04Z logger.go:66:                   + terminationGracePeriodSeconds = (known after apply)
TestTerraformConfluentPlatformExample 2022-08-03T15:54:04Z logger.go:66:                   + tolerations                   = (known after apply)
TestTerraformConfluentPlatformExample 2022-08-03T15:54:04Z logger.go:66:                   + topologySpreadConstraints     = (known after apply)
TestTerraformConfluentPlatformExample 2022-08-03T15:54:04Z logger.go:66:                 }
TestTerraformConfluentPlatformExample 2022-08-03T15:54:04Z logger.go:66:               + replicas                       = 1
TestTerraformConfluentPlatformExample 2022-08-03T15:54:04Z logger.go:66:               + storageClass                   = {
TestTerraformConfluentPlatformExample 2022-08-03T15:54:04Z logger.go:66:                   + name = (known after apply)
TestTerraformConfluentPlatformExample 2022-08-03T15:54:04Z logger.go:66:                 }
TestTerraformConfluentPlatformExample 2022-08-03T15:54:04Z logger.go:66:               + telemetry                      = {
TestTerraformConfluentPlatformExample 2022-08-03T15:54:04Z logger.go:66:                   + global = (known after apply)
TestTerraformConfluentPlatformExample 2022-08-03T15:54:04Z logger.go:66:                 }
TestTerraformConfluentPlatformExample 2022-08-03T15:54:04Z logger.go:66:               + tls                            = {
TestTerraformConfluentPlatformExample 2022-08-03T15:54:04Z logger.go:66:                   + autoGeneratedCerts       = (known after apply)
TestTerraformConfluentPlatformExample 2022-08-03T15:54:04Z logger.go:66:                   + directoryPathInContainer = (known after apply)
TestTerraformConfluentPlatformExample 2022-08-03T15:54:04Z logger.go:66:                   + ignoreTrustStoreConfig   = (known after apply)
TestTerraformConfluentPlatformExample 2022-08-03T15:54:04Z logger.go:66:                   + jksPassword              = {
TestTerraformConfluentPlatformExample 2022-08-03T15:54:04Z logger.go:66:                       + secretRef = (known after apply)
TestTerraformConfluentPlatformExample 2022-08-03T15:54:04Z logger.go:66:                     }
TestTerraformConfluentPlatformExample 2022-08-03T15:54:04Z logger.go:66:                   + secretRef                = (known after apply)
TestTerraformConfluentPlatformExample 2022-08-03T15:54:04Z logger.go:66:                 }
TestTerraformConfluentPlatformExample 2022-08-03T15:54:04Z logger.go:66:             }
TestTerraformConfluentPlatformExample 2022-08-03T15:54:04Z logger.go:66:         }
TestTerraformConfluentPlatformExample 2022-08-03T15:54:04Z logger.go:66:
TestTerraformConfluentPlatformExample 2022-08-03T15:54:04Z logger.go:66:       + timeouts {
TestTerraformConfluentPlatformExample 2022-08-03T15:54:04Z logger.go:66:           + create = "1h"
TestTerraformConfluentPlatformExample 2022-08-03T15:54:04Z logger.go:66:           + delete = "10m"
TestTerraformConfluentPlatformExample 2022-08-03T15:54:04Z logger.go:66:           + update = "1h"
TestTerraformConfluentPlatformExample 2022-08-03T15:54:04Z logger.go:66:         }
TestTerraformConfluentPlatformExample 2022-08-03T15:54:04Z logger.go:66:
TestTerraformConfluentPlatformExample 2022-08-03T15:54:04Z logger.go:66:       + wait {
TestTerraformConfluentPlatformExample 2022-08-03T15:54:04Z logger.go:66:           + fields = {
TestTerraformConfluentPlatformExample 2022-08-03T15:54:04Z logger.go:66:               + "status.phase" = "RUNNING"
TestTerraformConfluentPlatformExample 2022-08-03T15:54:04Z logger.go:66:             }
TestTerraformConfluentPlatformExample 2022-08-03T15:54:04Z logger.go:66:         }
TestTerraformConfluentPlatformExample 2022-08-03T15:54:04Z logger.go:66:     }
TestTerraformConfluentPlatformExample 2022-08-03T15:54:04Z logger.go:66:
TestTerraformConfluentPlatformExample 2022-08-03T15:54:04Z logger.go:66:   # module.confluent_platform.kubernetes_manifest.components["schemaregistry"] will be created
TestTerraformConfluentPlatformExample 2022-08-03T15:54:04Z logger.go:66:   + resource "kubernetes_manifest" "components" {
TestTerraformConfluentPlatformExample 2022-08-03T15:54:04Z logger.go:66:       + computed_fields = [
TestTerraformConfluentPlatformExample 2022-08-03T15:54:04Z logger.go:66:           + "metadata.finalizers",
TestTerraformConfluentPlatformExample 2022-08-03T15:54:04Z logger.go:66:         ]
TestTerraformConfluentPlatformExample 2022-08-03T15:54:04Z logger.go:66:       + manifest        = {
TestTerraformConfluentPlatformExample 2022-08-03T15:54:04Z logger.go:66:           + apiVersion = "platform.confluent.io/v1beta1"
TestTerraformConfluentPlatformExample 2022-08-03T15:54:04Z logger.go:66:           + kind       = "SchemaRegistry"
TestTerraformConfluentPlatformExample 2022-08-03T15:54:04Z logger.go:66:           + metadata   = {
TestTerraformConfluentPlatformExample 2022-08-03T15:54:04Z logger.go:66:               + name      = "schemaregistry"
TestTerraformConfluentPlatformExample 2022-08-03T15:54:04Z logger.go:66:               + namespace = "confluent"
TestTerraformConfluentPlatformExample 2022-08-03T15:54:04Z logger.go:66:             }
TestTerraformConfluentPlatformExample 2022-08-03T15:54:04Z logger.go:66:           + spec       = {
TestTerraformConfluentPlatformExample 2022-08-03T15:54:04Z logger.go:66:               + image    = {
TestTerraformConfluentPlatformExample 2022-08-03T15:54:04Z logger.go:66:                   + application = "confluentinc/cp-schema-registry:7.2.0"
TestTerraformConfluentPlatformExample 2022-08-03T15:54:04Z logger.go:66:                   + init        = "confluentinc/confluent-init-container:2.4.0"
TestTerraformConfluentPlatformExample 2022-08-03T15:54:04Z logger.go:66:                 }
TestTerraformConfluentPlatformExample 2022-08-03T15:54:04Z logger.go:66:               + replicas = 3
TestTerraformConfluentPlatformExample 2022-08-03T15:54:04Z logger.go:66:             }
TestTerraformConfluentPlatformExample 2022-08-03T15:54:04Z logger.go:66:         }
TestTerraformConfluentPlatformExample 2022-08-03T15:54:04Z logger.go:66:       + object          = {
TestTerraformConfluentPlatformExample 2022-08-03T15:54:04Z logger.go:66:           + apiVersion = "platform.confluent.io/v1beta1"
TestTerraformConfluentPlatformExample 2022-08-03T15:54:04Z logger.go:66:           + kind       = "SchemaRegistry"
TestTerraformConfluentPlatformExample 2022-08-03T15:54:04Z logger.go:66:           + metadata   = {
TestTerraformConfluentPlatformExample 2022-08-03T15:54:04Z logger.go:66:               + annotations                = (known after apply)
TestTerraformConfluentPlatformExample 2022-08-03T15:54:04Z logger.go:66:               + clusterName                = (known after apply)
TestTerraformConfluentPlatformExample 2022-08-03T15:54:04Z logger.go:66:               + creationTimestamp          = (known after apply)
TestTerraformConfluentPlatformExample 2022-08-03T15:54:04Z logger.go:66:               + deletionGracePeriodSeconds = (known after apply)
TestTerraformConfluentPlatformExample 2022-08-03T15:54:04Z logger.go:66:               + deletionTimestamp          = (known after apply)
TestTerraformConfluentPlatformExample 2022-08-03T15:54:04Z logger.go:66:               + finalizers                 = (known after apply)
TestTerraformConfluentPlatformExample 2022-08-03T15:54:04Z logger.go:66:               + generateName               = (known after apply)
TestTerraformConfluentPlatformExample 2022-08-03T15:54:04Z logger.go:66:               + generation                 = (known after apply)
TestTerraformConfluentPlatformExample 2022-08-03T15:54:04Z logger.go:66:               + labels                     = (known after apply)
TestTerraformConfluentPlatformExample 2022-08-03T15:54:04Z logger.go:66:               + managedFields              = (known after apply)
TestTerraformConfluentPlatformExample 2022-08-03T15:54:04Z logger.go:66:               + name                       = "schemaregistry"
TestTerraformConfluentPlatformExample 2022-08-03T15:54:04Z logger.go:66:               + namespace                  = "confluent"
TestTerraformConfluentPlatformExample 2022-08-03T15:54:04Z logger.go:66:               + ownerReferences            = (known after apply)
TestTerraformConfluentPlatformExample 2022-08-03T15:54:04Z logger.go:66:               + resourceVersion            = (known after apply)
TestTerraformConfluentPlatformExample 2022-08-03T15:54:04Z logger.go:66:               + selfLink                   = (known after apply)
TestTerraformConfluentPlatformExample 2022-08-03T15:54:04Z logger.go:66:               + uid                        = (known after apply)
TestTerraformConfluentPlatformExample 2022-08-03T15:54:04Z logger.go:66:             }
TestTerraformConfluentPlatformExample 2022-08-03T15:54:04Z logger.go:66:           + spec       = {
TestTerraformConfluentPlatformExample 2022-08-03T15:54:04Z logger.go:66:               + authentication                = {
TestTerraformConfluentPlatformExample 2022-08-03T15:54:04Z logger.go:66:                   + basic = {
TestTerraformConfluentPlatformExample 2022-08-03T15:54:04Z logger.go:66:                       + debug                    = (known after apply)
TestTerraformConfluentPlatformExample 2022-08-03T15:54:04Z logger.go:66:                       + directoryPathInContainer = (known after apply)
TestTerraformConfluentPlatformExample 2022-08-03T15:54:04Z logger.go:66:                       + restrictedRoles          = (known after apply)
TestTerraformConfluentPlatformExample 2022-08-03T15:54:04Z logger.go:66:                       + roles                    = (known after apply)
TestTerraformConfluentPlatformExample 2022-08-03T15:54:04Z logger.go:66:                       + secretRef                = (known after apply)
TestTerraformConfluentPlatformExample 2022-08-03T15:54:04Z logger.go:66:                     }
TestTerraformConfluentPlatformExample 2022-08-03T15:54:04Z logger.go:66:                   + type  = (known after apply)
TestTerraformConfluentPlatformExample 2022-08-03T15:54:04Z logger.go:66:                 }
TestTerraformConfluentPlatformExample 2022-08-03T15:54:04Z logger.go:66:               + authorization                 = {
TestTerraformConfluentPlatformExample 2022-08-03T15:54:04Z logger.go:66:                   + kafkaRestClassRef = {
TestTerraformConfluentPlatformExample 2022-08-03T15:54:04Z logger.go:66:                       + name      = (known after apply)
TestTerraformConfluentPlatformExample 2022-08-03T15:54:04Z logger.go:66:                       + namespace = (known after apply)
TestTerraformConfluentPlatformExample 2022-08-03T15:54:04Z logger.go:66:                     }
TestTerraformConfluentPlatformExample 2022-08-03T15:54:04Z logger.go:66:                   + type              = (known after apply)
TestTerraformConfluentPlatformExample 2022-08-03T15:54:04Z logger.go:66:                 }
TestTerraformConfluentPlatformExample 2022-08-03T15:54:04Z logger.go:66:               + configOverrides               = {
TestTerraformConfluentPlatformExample 2022-08-03T15:54:04Z logger.go:66:                   + jvm    = (known after apply)
TestTerraformConfluentPlatformExample 2022-08-03T15:54:04Z logger.go:66:                   + log4j  = (known after apply)
TestTerraformConfluentPlatformExample 2022-08-03T15:54:04Z logger.go:66:                   + server = (known after apply)
TestTerraformConfluentPlatformExample 2022-08-03T15:54:04Z logger.go:66:                 }
TestTerraformConfluentPlatformExample 2022-08-03T15:54:04Z logger.go:66:               + dependencies                  = {
TestTerraformConfluentPlatformExample 2022-08-03T15:54:04Z logger.go:66:                   + kafka = {
TestTerraformConfluentPlatformExample 2022-08-03T15:54:04Z logger.go:66:                       + authentication    = {
TestTerraformConfluentPlatformExample 2022-08-03T15:54:04Z logger.go:66:                           + jaasConfig            = {
TestTerraformConfluentPlatformExample 2022-08-03T15:54:04Z logger.go:66:                               + secretRef = (known after apply)
TestTerraformConfluentPlatformExample 2022-08-03T15:54:04Z logger.go:66:                             }
TestTerraformConfluentPlatformExample 2022-08-03T15:54:04Z logger.go:66:                           + jaasConfigPassThrough = {
TestTerraformConfluentPlatformExample 2022-08-03T15:54:04Z logger.go:66:                               + directoryPathInContainer = (known after apply)
TestTerraformConfluentPlatformExample 2022-08-03T15:54:04Z logger.go:66:                               + secretRef                = (known after apply)
TestTerraformConfluentPlatformExample 2022-08-03T15:54:04Z logger.go:66:                             }
TestTerraformConfluentPlatformExample 2022-08-03T15:54:04Z logger.go:66:                           + oauthbearer           = {
TestTerraformConfluentPlatformExample 2022-08-03T15:54:04Z logger.go:66:                               + directoryPathInContainer = (known after apply)
TestTerraformConfluentPlatformExample 2022-08-03T15:54:04Z logger.go:66:                               + secretRef                = (known after apply)
TestTerraformConfluentPlatformExample 2022-08-03T15:54:04Z logger.go:66:                             }
TestTerraformConfluentPlatformExample 2022-08-03T15:54:04Z logger.go:66:                           + type                  = (known after apply)
TestTerraformConfluentPlatformExample 2022-08-03T15:54:04Z logger.go:66:                         }
TestTerraformConfluentPlatformExample 2022-08-03T15:54:04Z logger.go:66:                       + bootstrapEndpoint = (known after apply)
TestTerraformConfluentPlatformExample 2022-08-03T15:54:04Z logger.go:66:                       + discovery         = {
TestTerraformConfluentPlatformExample 2022-08-03T15:54:04Z logger.go:66:                           + name      = (known after apply)
TestTerraformConfluentPlatformExample 2022-08-03T15:54:04Z logger.go:66:                           + namespace = (known after apply)
TestTerraformConfluentPlatformExample 2022-08-03T15:54:04Z logger.go:66:                           + secretRef = (known after apply)
TestTerraformConfluentPlatformExample 2022-08-03T15:54:04Z logger.go:66:                         }
TestTerraformConfluentPlatformExample 2022-08-03T15:54:04Z logger.go:66:                       + tls               = {
TestTerraformConfluentPlatformExample 2022-08-03T15:54:04Z logger.go:66:                           + directoryPathInContainer = (known after apply)
TestTerraformConfluentPlatformExample 2022-08-03T15:54:04Z logger.go:66:                           + enabled                  = (known after apply)
TestTerraformConfluentPlatformExample 2022-08-03T15:54:04Z logger.go:66:                           + ignoreTrustStoreConfig   = (known after apply)
TestTerraformConfluentPlatformExample 2022-08-03T15:54:04Z logger.go:66:                           + jksPassword              = {
TestTerraformConfluentPlatformExample 2022-08-03T15:54:04Z logger.go:66:                               + secretRef = (known after apply)
TestTerraformConfluentPlatformExample 2022-08-03T15:54:04Z logger.go:66:                             }
TestTerraformConfluentPlatformExample 2022-08-03T15:54:04Z logger.go:66:                           + secretRef                = (known after apply)
TestTerraformConfluentPlatformExample 2022-08-03T15:54:04Z logger.go:66:                         }
TestTerraformConfluentPlatformExample 2022-08-03T15:54:04Z logger.go:66:                     }
TestTerraformConfluentPlatformExample 2022-08-03T15:54:04Z logger.go:66:                   + mds   = {
TestTerraformConfluentPlatformExample 2022-08-03T15:54:04Z logger.go:66:                       + authentication = {
TestTerraformConfluentPlatformExample 2022-08-03T15:54:04Z logger.go:66:                           + bearer = {
TestTerraformConfluentPlatformExample 2022-08-03T15:54:04Z logger.go:66:                               + directoryPathInContainer = (known after apply)
TestTerraformConfluentPlatformExample 2022-08-03T15:54:04Z logger.go:66:                               + secretRef                = (known after apply)
TestTerraformConfluentPlatformExample 2022-08-03T15:54:04Z logger.go:66:                             }
TestTerraformConfluentPlatformExample 2022-08-03T15:54:04Z logger.go:66:                           + type   = (known after apply)
TestTerraformConfluentPlatformExample 2022-08-03T15:54:04Z logger.go:66:                         }
TestTerraformConfluentPlatformExample 2022-08-03T15:54:04Z logger.go:66:                       + endpoint       = (known after apply)
TestTerraformConfluentPlatformExample 2022-08-03T15:54:04Z logger.go:66:                       + tls            = {
TestTerraformConfluentPlatformExample 2022-08-03T15:54:04Z logger.go:66:                           + directoryPathInContainer = (known after apply)
TestTerraformConfluentPlatformExample 2022-08-03T15:54:04Z logger.go:66:                           + enabled                  = (known after apply)
TestTerraformConfluentPlatformExample 2022-08-03T15:54:04Z logger.go:66:                           + ignoreTrustStoreConfig   = (known after apply)
TestTerraformConfluentPlatformExample 2022-08-03T15:54:04Z logger.go:66:                           + jksPassword              = {
TestTerraformConfluentPlatformExample 2022-08-03T15:54:04Z logger.go:66:                               + secretRef = (known after apply)
TestTerraformConfluentPlatformExample 2022-08-03T15:54:04Z logger.go:66:                             }
TestTerraformConfluentPlatformExample 2022-08-03T15:54:04Z logger.go:66:                           + secretRef                = (known after apply)
TestTerraformConfluentPlatformExample 2022-08-03T15:54:04Z logger.go:66:                         }
TestTerraformConfluentPlatformExample 2022-08-03T15:54:04Z logger.go:66:                       + tokenKeyPair   = {
TestTerraformConfluentPlatformExample 2022-08-03T15:54:04Z logger.go:66:                           + directoryPathInContainer = (known after apply)
TestTerraformConfluentPlatformExample 2022-08-03T15:54:04Z logger.go:66:                           + secretRef                = (known after apply)
TestTerraformConfluentPlatformExample 2022-08-03T15:54:04Z logger.go:66:                         }
TestTerraformConfluentPlatformExample 2022-08-03T15:54:04Z logger.go:66:                     }
TestTerraformConfluentPlatformExample 2022-08-03T15:54:04Z logger.go:66:                 }
TestTerraformConfluentPlatformExample 2022-08-03T15:54:04Z logger.go:66:               + enableSchemaExporter          = (known after apply)
TestTerraformConfluentPlatformExample 2022-08-03T15:54:04Z logger.go:66:               + externalAccess                = {
TestTerraformConfluentPlatformExample 2022-08-03T15:54:04Z logger.go:66:                   + loadBalancer = {
TestTerraformConfluentPlatformExample 2022-08-03T15:54:04Z logger.go:66:                       + advertisedURL            = {
TestTerraformConfluentPlatformExample 2022-08-03T15:54:04Z logger.go:66:                           + enabled = (known after apply)
TestTerraformConfluentPlatformExample 2022-08-03T15:54:04Z logger.go:66:                           + prefix  = (known after apply)
TestTerraformConfluentPlatformExample 2022-08-03T15:54:04Z logger.go:66:                         }
TestTerraformConfluentPlatformExample 2022-08-03T15:54:04Z logger.go:66:                       + annotations              = (known after apply)
TestTerraformConfluentPlatformExample 2022-08-03T15:54:04Z logger.go:66:                       + domain                   = (known after apply)
TestTerraformConfluentPlatformExample 2022-08-03T15:54:04Z logger.go:66:                       + externalTrafficPolicy    = (known after apply)
TestTerraformConfluentPlatformExample 2022-08-03T15:54:04Z logger.go:66:                       + labels                   = (known after apply)
TestTerraformConfluentPlatformExample 2022-08-03T15:54:04Z logger.go:66:                       + loadBalancerSourceRanges = (known after apply)
TestTerraformConfluentPlatformExample 2022-08-03T15:54:04Z logger.go:66:                       + port                     = (known after apply)
TestTerraformConfluentPlatformExample 2022-08-03T15:54:04Z logger.go:66:                       + prefix                   = (known after apply)
TestTerraformConfluentPlatformExample 2022-08-03T15:54:04Z logger.go:66:                       + servicePorts             = (known after apply)
TestTerraformConfluentPlatformExample 2022-08-03T15:54:04Z logger.go:66:                       + sessionAffinity          = (known after apply)
TestTerraformConfluentPlatformExample 2022-08-03T15:54:04Z logger.go:66:                       + sessionAffinityConfig    = {
TestTerraformConfluentPlatformExample 2022-08-03T15:54:04Z logger.go:66:                           + clientIP = {
TestTerraformConfluentPlatformExample 2022-08-03T15:54:04Z logger.go:66:                               + timeoutSeconds = (known after apply)
TestTerraformConfluentPlatformExample 2022-08-03T15:54:04Z logger.go:66:                             }
TestTerraformConfluentPlatformExample 2022-08-03T15:54:04Z logger.go:66:                         }
TestTerraformConfluentPlatformExample 2022-08-03T15:54:04Z logger.go:66:                     }
TestTerraformConfluentPlatformExample 2022-08-03T15:54:04Z logger.go:66:                   + nodePort     = {
TestTerraformConfluentPlatformExample 2022-08-03T15:54:04Z logger.go:66:                       + advertisedURL         = {
TestTerraformConfluentPlatformExample 2022-08-03T15:54:04Z logger.go:66:                           + enabled = (known after apply)
TestTerraformConfluentPlatformExample 2022-08-03T15:54:04Z logger.go:66:                           + prefix  = (known after apply)
TestTerraformConfluentPlatformExample 2022-08-03T15:54:04Z logger.go:66:                         }
TestTerraformConfluentPlatformExample 2022-08-03T15:54:04Z logger.go:66:                       + annotations           = (known after apply)
TestTerraformConfluentPlatformExample 2022-08-03T15:54:04Z logger.go:66:                       + externalTrafficPolicy = (known after apply)
TestTerraformConfluentPlatformExample 2022-08-03T15:54:04Z logger.go:66:                       + host                  = (known after apply)
TestTerraformConfluentPlatformExample 2022-08-03T15:54:04Z logger.go:66:                       + labels                = (known after apply)
TestTerraformConfluentPlatformExample 2022-08-03T15:54:04Z logger.go:66:                       + nodePortOffset        = (known after apply)
TestTerraformConfluentPlatformExample 2022-08-03T15:54:04Z logger.go:66:                       + servicePorts          = (known after apply)
TestTerraformConfluentPlatformExample 2022-08-03T15:54:04Z logger.go:66:                       + sessionAffinity       = (known after apply)
TestTerraformConfluentPlatformExample 2022-08-03T15:54:04Z logger.go:66:                       + sessionAffinityConfig = {
TestTerraformConfluentPlatformExample 2022-08-03T15:54:04Z logger.go:66:                           + clientIP = {
TestTerraformConfluentPlatformExample 2022-08-03T15:54:04Z logger.go:66:                               + timeoutSeconds = (known after apply)
TestTerraformConfluentPlatformExample 2022-08-03T15:54:04Z logger.go:66:                             }
TestTerraformConfluentPlatformExample 2022-08-03T15:54:04Z logger.go:66:                         }
TestTerraformConfluentPlatformExample 2022-08-03T15:54:04Z logger.go:66:                     }
TestTerraformConfluentPlatformExample 2022-08-03T15:54:04Z logger.go:66:                   + route        = {
TestTerraformConfluentPlatformExample 2022-08-03T15:54:04Z logger.go:66:                       + annotations    = (known after apply)
TestTerraformConfluentPlatformExample 2022-08-03T15:54:04Z logger.go:66:                       + domain         = (known after apply)
TestTerraformConfluentPlatformExample 2022-08-03T15:54:04Z logger.go:66:                       + labels         = (known after apply)
TestTerraformConfluentPlatformExample 2022-08-03T15:54:04Z logger.go:66:                       + prefix         = (known after apply)
TestTerraformConfluentPlatformExample 2022-08-03T15:54:04Z logger.go:66:                       + wildcardPolicy = (known after apply)
TestTerraformConfluentPlatformExample 2022-08-03T15:54:04Z logger.go:66:                     }
TestTerraformConfluentPlatformExample 2022-08-03T15:54:04Z logger.go:66:                   + type         = (known after apply)
TestTerraformConfluentPlatformExample 2022-08-03T15:54:04Z logger.go:66:                 }
TestTerraformConfluentPlatformExample 2022-08-03T15:54:04Z logger.go:66:               + headlessService               = {
TestTerraformConfluentPlatformExample 2022-08-03T15:54:04Z logger.go:66:                   + annotations              = (known after apply)
TestTerraformConfluentPlatformExample 2022-08-03T15:54:04Z logger.go:66:                   + labels                   = (known after apply)
TestTerraformConfluentPlatformExample 2022-08-03T15:54:04Z logger.go:66:                   + publishNotReadyAddresses = (known after apply)
TestTerraformConfluentPlatformExample 2022-08-03T15:54:04Z logger.go:66:                 }
TestTerraformConfluentPlatformExample 2022-08-03T15:54:04Z logger.go:66:               + image                         = {
TestTerraformConfluentPlatformExample 2022-08-03T15:54:04Z logger.go:66:                   + application   = "confluentinc/cp-schema-registry:7.2.0"
TestTerraformConfluentPlatformExample 2022-08-03T15:54:04Z logger.go:66:                   + init          = "confluentinc/confluent-init-container:2.4.0"
TestTerraformConfluentPlatformExample 2022-08-03T15:54:04Z logger.go:66:                   + pullPolicy    = (known after apply)
TestTerraformConfluentPlatformExample 2022-08-03T15:54:04Z logger.go:66:                   + pullSecretRef = (known after apply)
TestTerraformConfluentPlatformExample 2022-08-03T15:54:04Z logger.go:66:                 }
TestTerraformConfluentPlatformExample 2022-08-03T15:54:04Z logger.go:66:               + injectAnnotations             = (known after apply)
TestTerraformConfluentPlatformExample 2022-08-03T15:54:04Z logger.go:66:               + injectLabels                  = (known after apply)
TestTerraformConfluentPlatformExample 2022-08-03T15:54:04Z logger.go:66:               + internalTopicReplicatorFactor = (known after apply)
TestTerraformConfluentPlatformExample 2022-08-03T15:54:04Z logger.go:66:               + k8sClusterDomain              = (known after apply)
TestTerraformConfluentPlatformExample 2022-08-03T15:54:04Z logger.go:66:               + license                       = {
TestTerraformConfluentPlatformExample 2022-08-03T15:54:04Z logger.go:66:                   + directoryPathInContainer = (known after apply)
TestTerraformConfluentPlatformExample 2022-08-03T15:54:04Z logger.go:66:                   + globalLicense            = (known after apply)
TestTerraformConfluentPlatformExample 2022-08-03T15:54:04Z logger.go:66:                   + secretRef                = (known after apply)
TestTerraformConfluentPlatformExample 2022-08-03T15:54:04Z logger.go:66:                 }
TestTerraformConfluentPlatformExample 2022-08-03T15:54:04Z logger.go:66:               + metrics                       = {
TestTerraformConfluentPlatformExample 2022-08-03T15:54:04Z logger.go:66:                   + authentication = {
TestTerraformConfluentPlatformExample 2022-08-03T15:54:04Z logger.go:66:                       + type = (known after apply)
TestTerraformConfluentPlatformExample 2022-08-03T15:54:04Z logger.go:66:                     }
TestTerraformConfluentPlatformExample 2022-08-03T15:54:04Z logger.go:66:                   + prometheus     = {
TestTerraformConfluentPlatformExample 2022-08-03T15:54:04Z logger.go:66:                       + blacklist = (known after apply)
TestTerraformConfluentPlatformExample 2022-08-03T15:54:04Z logger.go:66:                       + rules     = (known after apply)
TestTerraformConfluentPlatformExample 2022-08-03T15:54:04Z logger.go:66:                       + whitelist = (known after apply)
TestTerraformConfluentPlatformExample 2022-08-03T15:54:04Z logger.go:66:                     }
TestTerraformConfluentPlatformExample 2022-08-03T15:54:04Z logger.go:66:                   + tls            = {
TestTerraformConfluentPlatformExample 2022-08-03T15:54:04Z logger.go:66:                       + directoryPathInContainer = (known after apply)
TestTerraformConfluentPlatformExample 2022-08-03T15:54:04Z logger.go:66:                       + enabled                  = (known after apply)
TestTerraformConfluentPlatformExample 2022-08-03T15:54:04Z logger.go:66:                       + ignoreTrustStoreConfig   = (known after apply)
TestTerraformConfluentPlatformExample 2022-08-03T15:54:04Z logger.go:66:                       + jksPassword              = {
TestTerraformConfluentPlatformExample 2022-08-03T15:54:04Z logger.go:66:                           + secretRef = (known after apply)
TestTerraformConfluentPlatformExample 2022-08-03T15:54:04Z logger.go:66:                         }
TestTerraformConfluentPlatformExample 2022-08-03T15:54:04Z logger.go:66:                       + secretRef                = (known after apply)
TestTerraformConfluentPlatformExample 2022-08-03T15:54:04Z logger.go:66:                     }
TestTerraformConfluentPlatformExample 2022-08-03T15:54:04Z logger.go:66:                 }
TestTerraformConfluentPlatformExample 2022-08-03T15:54:04Z logger.go:66:               + mountedSecrets                = (known after apply)
TestTerraformConfluentPlatformExample 2022-08-03T15:54:04Z logger.go:66:               + mountedVolumes                = {
TestTerraformConfluentPlatformExample 2022-08-03T15:54:04Z logger.go:66:                   + volumeMounts = (known after apply)
TestTerraformConfluentPlatformExample 2022-08-03T15:54:04Z logger.go:66:                   + volumes      = (known after apply)
TestTerraformConfluentPlatformExample 2022-08-03T15:54:04Z logger.go:66:                 }
TestTerraformConfluentPlatformExample 2022-08-03T15:54:04Z logger.go:66:               + oneReplicaPerNode             = (known after apply)
TestTerraformConfluentPlatformExample 2022-08-03T15:54:04Z logger.go:66:               + passwordEncoder               = {
TestTerraformConfluentPlatformExample 2022-08-03T15:54:04Z logger.go:66:                   + directoryPathInContainer = (known after apply)
TestTerraformConfluentPlatformExample 2022-08-03T15:54:04Z logger.go:66:                   + secretRef                = (known after apply)
TestTerraformConfluentPlatformExample 2022-08-03T15:54:04Z logger.go:66:                 }
TestTerraformConfluentPlatformExample 2022-08-03T15:54:04Z logger.go:66:               + podTemplate                   = {
TestTerraformConfluentPlatformExample 2022-08-03T15:54:04Z logger.go:66:                   + affinity                      = {
TestTerraformConfluentPlatformExample 2022-08-03T15:54:04Z logger.go:66:                       + nodeAffinity    = {
TestTerraformConfluentPlatformExample 2022-08-03T15:54:04Z logger.go:66:                           + preferredDuringSchedulingIgnoredDuringExecution = (known after apply)
TestTerraformConfluentPlatformExample 2022-08-03T15:54:04Z logger.go:66:                           + requiredDuringSchedulingIgnoredDuringExecution  = {
TestTerraformConfluentPlatformExample 2022-08-03T15:54:04Z logger.go:66:                               + nodeSelectorTerms = (known after apply)
TestTerraformConfluentPlatformExample 2022-08-03T15:54:04Z logger.go:66:                             }
TestTerraformConfluentPlatformExample 2022-08-03T15:54:04Z logger.go:66:                         }
TestTerraformConfluentPlatformExample 2022-08-03T15:54:04Z logger.go:66:                       + podAffinity     = {
TestTerraformConfluentPlatformExample 2022-08-03T15:54:04Z logger.go:66:                           + preferredDuringSchedulingIgnoredDuringExecution = (known after apply)
TestTerraformConfluentPlatformExample 2022-08-03T15:54:04Z logger.go:66:                           + requiredDuringSchedulingIgnoredDuringExecution  = (known after apply)
TestTerraformConfluentPlatformExample 2022-08-03T15:54:04Z logger.go:66:                         }
TestTerraformConfluentPlatformExample 2022-08-03T15:54:04Z logger.go:66:                       + podAntiAffinity = {
TestTerraformConfluentPlatformExample 2022-08-03T15:54:04Z logger.go:66:                           + preferredDuringSchedulingIgnoredDuringExecution = (known after apply)
TestTerraformConfluentPlatformExample 2022-08-03T15:54:04Z logger.go:66:                           + requiredDuringSchedulingIgnoredDuringExecution  = (known after apply)
TestTerraformConfluentPlatformExample 2022-08-03T15:54:04Z logger.go:66:                         }
TestTerraformConfluentPlatformExample 2022-08-03T15:54:04Z logger.go:66:                     }
TestTerraformConfluentPlatformExample 2022-08-03T15:54:04Z logger.go:66:                   + annotations                   = (known after apply)
TestTerraformConfluentPlatformExample 2022-08-03T15:54:04Z logger.go:66:                   + envVars                       = (known after apply)
TestTerraformConfluentPlatformExample 2022-08-03T15:54:04Z logger.go:66:                   + labels                        = (known after apply)
TestTerraformConfluentPlatformExample 2022-08-03T15:54:04Z logger.go:66:                   + podSecurityContext            = {
TestTerraformConfluentPlatformExample 2022-08-03T15:54:04Z logger.go:66:                       + fsGroup             = (known after apply)
TestTerraformConfluentPlatformExample 2022-08-03T15:54:04Z logger.go:66:                       + fsGroupChangePolicy = (known after apply)
TestTerraformConfluentPlatformExample 2022-08-03T15:54:04Z logger.go:66:                       + runAsGroup          = (known after apply)
TestTerraformConfluentPlatformExample 2022-08-03T15:54:04Z logger.go:66:                       + runAsNonRoot        = (known after apply)
TestTerraformConfluentPlatformExample 2022-08-03T15:54:04Z logger.go:66:                       + runAsUser           = (known after apply)
TestTerraformConfluentPlatformExample 2022-08-03T15:54:04Z logger.go:66:                       + seLinuxOptions      = {
TestTerraformConfluentPlatformExample 2022-08-03T15:54:04Z logger.go:66:                           + level = (known after apply)
TestTerraformConfluentPlatformExample 2022-08-03T15:54:04Z logger.go:66:                           + role  = (known after apply)
TestTerraformConfluentPlatformExample 2022-08-03T15:54:04Z logger.go:66:                           + type  = (known after apply)
TestTerraformConfluentPlatformExample 2022-08-03T15:54:04Z logger.go:66:                           + user  = (known after apply)
TestTerraformConfluentPlatformExample 2022-08-03T15:54:04Z logger.go:66:                         }
TestTerraformConfluentPlatformExample 2022-08-03T15:54:04Z logger.go:66:                       + seccompProfile      = {
TestTerraformConfluentPlatformExample 2022-08-03T15:54:04Z logger.go:66:                           + localhostProfile = (known after apply)
TestTerraformConfluentPlatformExample 2022-08-03T15:54:04Z logger.go:66:                           + type             = (known after apply)
TestTerraformConfluentPlatformExample 2022-08-03T15:54:04Z logger.go:66:                         }
TestTerraformConfluentPlatformExample 2022-08-03T15:54:04Z logger.go:66:                       + supplementalGroups  = (known after apply)
TestTerraformConfluentPlatformExample 2022-08-03T15:54:04Z logger.go:66:                       + sysctls             = (known after apply)
TestTerraformConfluentPlatformExample 2022-08-03T15:54:04Z logger.go:66:                       + windowsOptions      = {
TestTerraformConfluentPlatformExample 2022-08-03T15:54:04Z logger.go:66:                           + gmsaCredentialSpec     = (known after apply)
TestTerraformConfluentPlatformExample 2022-08-03T15:54:04Z logger.go:66:                           + gmsaCredentialSpecName = (known after apply)
TestTerraformConfluentPlatformExample 2022-08-03T15:54:04Z logger.go:66:                           + hostProcess            = (known after apply)
TestTerraformConfluentPlatformExample 2022-08-03T15:54:04Z logger.go:66:                           + runAsUserName          = (known after apply)
TestTerraformConfluentPlatformExample 2022-08-03T15:54:04Z logger.go:66:                         }
TestTerraformConfluentPlatformExample 2022-08-03T15:54:04Z logger.go:66:                     }
TestTerraformConfluentPlatformExample 2022-08-03T15:54:04Z logger.go:66:                   + priorityClassName             = (known after apply)
TestTerraformConfluentPlatformExample 2022-08-03T15:54:04Z logger.go:66:                   + probe                         = {
TestTerraformConfluentPlatformExample 2022-08-03T15:54:04Z logger.go:66:                       + liveness  = {
TestTerraformConfluentPlatformExample 2022-08-03T15:54:04Z logger.go:66:                           + failureThreshold    = (known after apply)
TestTerraformConfluentPlatformExample 2022-08-03T15:54:04Z logger.go:66:                           + initialDelaySeconds = (known after apply)
TestTerraformConfluentPlatformExample 2022-08-03T15:54:04Z logger.go:66:                           + periodSeconds       = (known after apply)
TestTerraformConfluentPlatformExample 2022-08-03T15:54:04Z logger.go:66:                           + successThreshold    = (known after apply)
TestTerraformConfluentPlatformExample 2022-08-03T15:54:04Z logger.go:66:                           + timeoutSeconds      = (known after apply)
TestTerraformConfluentPlatformExample 2022-08-03T15:54:04Z logger.go:66:                         }
TestTerraformConfluentPlatformExample 2022-08-03T15:54:04Z logger.go:66:                       + readiness = {
TestTerraformConfluentPlatformExample 2022-08-03T15:54:04Z logger.go:66:                           + failureThreshold    = (known after apply)
TestTerraformConfluentPlatformExample 2022-08-03T15:54:04Z logger.go:66:                           + initialDelaySeconds = (known after apply)
TestTerraformConfluentPlatformExample 2022-08-03T15:54:04Z logger.go:66:                           + periodSeconds       = (known after apply)
TestTerraformConfluentPlatformExample 2022-08-03T15:54:04Z logger.go:66:                           + successThreshold    = (known after apply)
TestTerraformConfluentPlatformExample 2022-08-03T15:54:04Z logger.go:66:                           + timeoutSeconds      = (known after apply)
TestTerraformConfluentPlatformExample 2022-08-03T15:54:04Z logger.go:66:                         }
TestTerraformConfluentPlatformExample 2022-08-03T15:54:04Z logger.go:66:                     }
TestTerraformConfluentPlatformExample 2022-08-03T15:54:04Z logger.go:66:                   + resources                     = {
TestTerraformConfluentPlatformExample 2022-08-03T15:54:04Z logger.go:66:                       + limits   = (known after apply)
TestTerraformConfluentPlatformExample 2022-08-03T15:54:04Z logger.go:66:                       + requests = (known after apply)
TestTerraformConfluentPlatformExample 2022-08-03T15:54:04Z logger.go:66:                     }
TestTerraformConfluentPlatformExample 2022-08-03T15:54:04Z logger.go:66:                   + securityContext               = {
TestTerraformConfluentPlatformExample 2022-08-03T15:54:04Z logger.go:66:                       + allowPrivilegeEscalation = (known after apply)
TestTerraformConfluentPlatformExample 2022-08-03T15:54:04Z logger.go:66:                       + capabilities             = {
TestTerraformConfluentPlatformExample 2022-08-03T15:54:04Z logger.go:66:                           + add  = (known after apply)
TestTerraformConfluentPlatformExample 2022-08-03T15:54:04Z logger.go:66:                           + drop = (known after apply)
TestTerraformConfluentPlatformExample 2022-08-03T15:54:04Z logger.go:66:                         }
TestTerraformConfluentPlatformExample 2022-08-03T15:54:04Z logger.go:66:                       + privileged               = (known after apply)
TestTerraformConfluentPlatformExample 2022-08-03T15:54:04Z logger.go:66:                       + procMount                = (known after apply)
TestTerraformConfluentPlatformExample 2022-08-03T15:54:04Z logger.go:66:                       + readOnlyRootFilesystem   = (known after apply)
TestTerraformConfluentPlatformExample 2022-08-03T15:54:04Z logger.go:66:                       + runAsGroup               = (known after apply)
TestTerraformConfluentPlatformExample 2022-08-03T15:54:04Z logger.go:66:                       + runAsNonRoot             = (known after apply)
TestTerraformConfluentPlatformExample 2022-08-03T15:54:04Z logger.go:66:                       + runAsUser                = (known after apply)
TestTerraformConfluentPlatformExample 2022-08-03T15:54:04Z logger.go:66:                       + seLinuxOptions           = {
TestTerraformConfluentPlatformExample 2022-08-03T15:54:04Z logger.go:66:                           + level = (known after apply)
TestTerraformConfluentPlatformExample 2022-08-03T15:54:04Z logger.go:66:                           + role  = (known after apply)
TestTerraformConfluentPlatformExample 2022-08-03T15:54:04Z logger.go:66:                           + type  = (known after apply)
TestTerraformConfluentPlatformExample 2022-08-03T15:54:04Z logger.go:66:                           + user  = (known after apply)
TestTerraformConfluentPlatformExample 2022-08-03T15:54:04Z logger.go:66:                         }
TestTerraformConfluentPlatformExample 2022-08-03T15:54:04Z logger.go:66:                       + seccompProfile           = {
TestTerraformConfluentPlatformExample 2022-08-03T15:54:04Z logger.go:66:                           + localhostProfile = (known after apply)
TestTerraformConfluentPlatformExample 2022-08-03T15:54:04Z logger.go:66:                           + type             = (known after apply)
TestTerraformConfluentPlatformExample 2022-08-03T15:54:04Z logger.go:66:                         }
TestTerraformConfluentPlatformExample 2022-08-03T15:54:04Z logger.go:66:                       + windowsOptions           = {
TestTerraformConfluentPlatformExample 2022-08-03T15:54:04Z logger.go:66:                           + gmsaCredentialSpec     = (known after apply)
TestTerraformConfluentPlatformExample 2022-08-03T15:54:04Z logger.go:66:                           + gmsaCredentialSpecName = (known after apply)
TestTerraformConfluentPlatformExample 2022-08-03T15:54:04Z logger.go:66:                           + hostProcess            = (known after apply)
TestTerraformConfluentPlatformExample 2022-08-03T15:54:04Z logger.go:66:                           + runAsUserName          = (known after apply)
TestTerraformConfluentPlatformExample 2022-08-03T15:54:04Z logger.go:66:                         }
TestTerraformConfluentPlatformExample 2022-08-03T15:54:04Z logger.go:66:                     }
TestTerraformConfluentPlatformExample 2022-08-03T15:54:04Z logger.go:66:                   + serviceAccountName            = (known after apply)
TestTerraformConfluentPlatformExample 2022-08-03T15:54:04Z logger.go:66:                   + terminationGracePeriodSeconds = (known after apply)
TestTerraformConfluentPlatformExample 2022-08-03T15:54:04Z logger.go:66:                   + tolerations                   = (known after apply)
TestTerraformConfluentPlatformExample 2022-08-03T15:54:04Z logger.go:66:                   + topologySpreadConstraints     = (known after apply)
TestTerraformConfluentPlatformExample 2022-08-03T15:54:04Z logger.go:66:                 }
TestTerraformConfluentPlatformExample 2022-08-03T15:54:04Z logger.go:66:               + replicas                      = 3
TestTerraformConfluentPlatformExample 2022-08-03T15:54:04Z logger.go:66:               + telemetry                     = {
TestTerraformConfluentPlatformExample 2022-08-03T15:54:04Z logger.go:66:                   + global = (known after apply)
TestTerraformConfluentPlatformExample 2022-08-03T15:54:04Z logger.go:66:                 }
TestTerraformConfluentPlatformExample 2022-08-03T15:54:04Z logger.go:66:               + tls                           = {
TestTerraformConfluentPlatformExample 2022-08-03T15:54:04Z logger.go:66:                   + autoGeneratedCerts       = (known after apply)
TestTerraformConfluentPlatformExample 2022-08-03T15:54:04Z logger.go:66:                   + directoryPathInContainer = (known after apply)
TestTerraformConfluentPlatformExample 2022-08-03T15:54:04Z logger.go:66:                   + ignoreTrustStoreConfig   = (known after apply)
TestTerraformConfluentPlatformExample 2022-08-03T15:54:04Z logger.go:66:                   + jksPassword              = {
TestTerraformConfluentPlatformExample 2022-08-03T15:54:04Z logger.go:66:                       + secretRef = (known after apply)
TestTerraformConfluentPlatformExample 2022-08-03T15:54:04Z logger.go:66:                     }
TestTerraformConfluentPlatformExample 2022-08-03T15:54:04Z logger.go:66:                   + secretRef                = (known after apply)
TestTerraformConfluentPlatformExample 2022-08-03T15:54:04Z logger.go:66:                 }
TestTerraformConfluentPlatformExample 2022-08-03T15:54:04Z logger.go:66:             }
TestTerraformConfluentPlatformExample 2022-08-03T15:54:04Z logger.go:66:         }
TestTerraformConfluentPlatformExample 2022-08-03T15:54:04Z logger.go:66:
TestTerraformConfluentPlatformExample 2022-08-03T15:54:04Z logger.go:66:       + timeouts {
TestTerraformConfluentPlatformExample 2022-08-03T15:54:04Z logger.go:66:           + create = "1h"
TestTerraformConfluentPlatformExample 2022-08-03T15:54:04Z logger.go:66:           + delete = "10m"
TestTerraformConfluentPlatformExample 2022-08-03T15:54:04Z logger.go:66:           + update = "1h"
TestTerraformConfluentPlatformExample 2022-08-03T15:54:04Z logger.go:66:         }
TestTerraformConfluentPlatformExample 2022-08-03T15:54:04Z logger.go:66:
TestTerraformConfluentPlatformExample 2022-08-03T15:54:04Z logger.go:66:       + wait {
TestTerraformConfluentPlatformExample 2022-08-03T15:54:04Z logger.go:66:           + fields = {
TestTerraformConfluentPlatformExample 2022-08-03T15:54:04Z logger.go:66:               + "status.phase" = "RUNNING"
TestTerraformConfluentPlatformExample 2022-08-03T15:54:04Z logger.go:66:             }
TestTerraformConfluentPlatformExample 2022-08-03T15:54:04Z logger.go:66:         }
TestTerraformConfluentPlatformExample 2022-08-03T15:54:04Z logger.go:66:     }
TestTerraformConfluentPlatformExample 2022-08-03T15:54:04Z logger.go:66:
TestTerraformConfluentPlatformExample 2022-08-03T15:54:04Z logger.go:66:   # module.confluent_platform.kubernetes_manifest.components["zookeeper"] will be created
TestTerraformConfluentPlatformExample 2022-08-03T15:54:04Z logger.go:66:   + resource "kubernetes_manifest" "components" {
TestTerraformConfluentPlatformExample 2022-08-03T15:54:04Z logger.go:66:       + computed_fields = [
TestTerraformConfluentPlatformExample 2022-08-03T15:54:04Z logger.go:66:           + "metadata.finalizers",
TestTerraformConfluentPlatformExample 2022-08-03T15:54:04Z logger.go:66:         ]
TestTerraformConfluentPlatformExample 2022-08-03T15:54:04Z logger.go:66:       + manifest        = {
TestTerraformConfluentPlatformExample 2022-08-03T15:54:04Z logger.go:66:           + apiVersion = "platform.confluent.io/v1beta1"
TestTerraformConfluentPlatformExample 2022-08-03T15:54:04Z logger.go:66:           + kind       = "Zookeeper"
TestTerraformConfluentPlatformExample 2022-08-03T15:54:04Z logger.go:66:           + metadata   = {
TestTerraformConfluentPlatformExample 2022-08-03T15:54:04Z logger.go:66:               + name      = "zookeeper"
TestTerraformConfluentPlatformExample 2022-08-03T15:54:04Z logger.go:66:               + namespace = "confluent"
TestTerraformConfluentPlatformExample 2022-08-03T15:54:04Z logger.go:66:             }
TestTerraformConfluentPlatformExample 2022-08-03T15:54:04Z logger.go:66:           + spec       = {
TestTerraformConfluentPlatformExample 2022-08-03T15:54:04Z logger.go:66:               + dataVolumeCapacity = "10Gi"
TestTerraformConfluentPlatformExample 2022-08-03T15:54:04Z logger.go:66:               + image              = {
TestTerraformConfluentPlatformExample 2022-08-03T15:54:04Z logger.go:66:                   + application = "confluentinc/cp-zookeeper:7.2.0"
TestTerraformConfluentPlatformExample 2022-08-03T15:54:04Z logger.go:66:                   + init        = "confluentinc/confluent-init-container:2.4.0"
TestTerraformConfluentPlatformExample 2022-08-03T15:54:04Z logger.go:66:                 }
TestTerraformConfluentPlatformExample 2022-08-03T15:54:04Z logger.go:66:               + logVolumeCapacity  = "10Gi"
TestTerraformConfluentPlatformExample 2022-08-03T15:54:04Z logger.go:66:               + replicas           = 3
TestTerraformConfluentPlatformExample 2022-08-03T15:54:04Z logger.go:66:             }
TestTerraformConfluentPlatformExample 2022-08-03T15:54:04Z logger.go:66:         }
TestTerraformConfluentPlatformExample 2022-08-03T15:54:04Z logger.go:66:       + object          = {
TestTerraformConfluentPlatformExample 2022-08-03T15:54:04Z logger.go:66:           + apiVersion = "platform.confluent.io/v1beta1"
TestTerraformConfluentPlatformExample 2022-08-03T15:54:04Z logger.go:66:           + kind       = "Zookeeper"
TestTerraformConfluentPlatformExample 2022-08-03T15:54:04Z logger.go:66:           + metadata   = {
TestTerraformConfluentPlatformExample 2022-08-03T15:54:04Z logger.go:66:               + annotations                = (known after apply)
TestTerraformConfluentPlatformExample 2022-08-03T15:54:04Z logger.go:66:               + clusterName                = (known after apply)
TestTerraformConfluentPlatformExample 2022-08-03T15:54:04Z logger.go:66:               + creationTimestamp          = (known after apply)
TestTerraformConfluentPlatformExample 2022-08-03T15:54:04Z logger.go:66:               + deletionGracePeriodSeconds = (known after apply)
TestTerraformConfluentPlatformExample 2022-08-03T15:54:04Z logger.go:66:               + deletionTimestamp          = (known after apply)
TestTerraformConfluentPlatformExample 2022-08-03T15:54:04Z logger.go:66:               + finalizers                 = (known after apply)
TestTerraformConfluentPlatformExample 2022-08-03T15:54:04Z logger.go:66:               + generateName               = (known after apply)
TestTerraformConfluentPlatformExample 2022-08-03T15:54:04Z logger.go:66:               + generation                 = (known after apply)
TestTerraformConfluentPlatformExample 2022-08-03T15:54:04Z logger.go:66:               + labels                     = (known after apply)
TestTerraformConfluentPlatformExample 2022-08-03T15:54:04Z logger.go:66:               + managedFields              = (known after apply)
TestTerraformConfluentPlatformExample 2022-08-03T15:54:04Z logger.go:66:               + name                       = "zookeeper"
TestTerraformConfluentPlatformExample 2022-08-03T15:54:04Z logger.go:66:               + namespace                  = "confluent"
TestTerraformConfluentPlatformExample 2022-08-03T15:54:04Z logger.go:66:               + ownerReferences            = (known after apply)
TestTerraformConfluentPlatformExample 2022-08-03T15:54:04Z logger.go:66:               + resourceVersion            = (known after apply)
TestTerraformConfluentPlatformExample 2022-08-03T15:54:04Z logger.go:66:               + selfLink                   = (known after apply)
TestTerraformConfluentPlatformExample 2022-08-03T15:54:04Z logger.go:66:               + uid                        = (known after apply)
TestTerraformConfluentPlatformExample 2022-08-03T15:54:04Z logger.go:66:             }
TestTerraformConfluentPlatformExample 2022-08-03T15:54:04Z logger.go:66:           + spec       = {
TestTerraformConfluentPlatformExample 2022-08-03T15:54:04Z logger.go:66:               + authentication     = {
TestTerraformConfluentPlatformExample 2022-08-03T15:54:04Z logger.go:66:                   + jaasConfig            = {
TestTerraformConfluentPlatformExample 2022-08-03T15:54:04Z logger.go:66:                       + secretRef = (known after apply)
TestTerraformConfluentPlatformExample 2022-08-03T15:54:04Z logger.go:66:                     }
TestTerraformConfluentPlatformExample 2022-08-03T15:54:04Z logger.go:66:                   + jaasConfigPassThrough = {
TestTerraformConfluentPlatformExample 2022-08-03T15:54:04Z logger.go:66:                       + directoryPathInContainer = (known after apply)
TestTerraformConfluentPlatformExample 2022-08-03T15:54:04Z logger.go:66:                       + secretRef                = (known after apply)
TestTerraformConfluentPlatformExample 2022-08-03T15:54:04Z logger.go:66:                     }
TestTerraformConfluentPlatformExample 2022-08-03T15:54:04Z logger.go:66:                   + principalMappingRules = (known after apply)
TestTerraformConfluentPlatformExample 2022-08-03T15:54:04Z logger.go:66:                   + type                  = (known after apply)
TestTerraformConfluentPlatformExample 2022-08-03T15:54:04Z logger.go:66:                 }
TestTerraformConfluentPlatformExample 2022-08-03T15:54:04Z logger.go:66:               + configOverrides    = {
TestTerraformConfluentPlatformExample 2022-08-03T15:54:04Z logger.go:66:                   + jvm    = (known after apply)
TestTerraformConfluentPlatformExample 2022-08-03T15:54:04Z logger.go:66:                   + log4j  = (known after apply)
TestTerraformConfluentPlatformExample 2022-08-03T15:54:04Z logger.go:66:                   + peers  = (known after apply)
TestTerraformConfluentPlatformExample 2022-08-03T15:54:04Z logger.go:66:                   + server = (known after apply)
TestTerraformConfluentPlatformExample 2022-08-03T15:54:04Z logger.go:66:                 }
TestTerraformConfluentPlatformExample 2022-08-03T15:54:04Z logger.go:66:               + dataVolumeCapacity = "10Gi"
TestTerraformConfluentPlatformExample 2022-08-03T15:54:04Z logger.go:66:               + headlessService    = {
TestTerraformConfluentPlatformExample 2022-08-03T15:54:04Z logger.go:66:                   + annotations              = (known after apply)
TestTerraformConfluentPlatformExample 2022-08-03T15:54:04Z logger.go:66:                   + labels                   = (known after apply)
TestTerraformConfluentPlatformExample 2022-08-03T15:54:04Z logger.go:66:                   + publishNotReadyAddresses = (known after apply)
TestTerraformConfluentPlatformExample 2022-08-03T15:54:04Z logger.go:66:                 }
TestTerraformConfluentPlatformExample 2022-08-03T15:54:04Z logger.go:66:               + image              = {
TestTerraformConfluentPlatformExample 2022-08-03T15:54:04Z logger.go:66:                   + application   = "confluentinc/cp-zookeeper:7.2.0"
TestTerraformConfluentPlatformExample 2022-08-03T15:54:04Z logger.go:66:                   + init          = "confluentinc/confluent-init-container:2.4.0"
TestTerraformConfluentPlatformExample 2022-08-03T15:54:04Z logger.go:66:                   + pullPolicy    = (known after apply)
TestTerraformConfluentPlatformExample 2022-08-03T15:54:04Z logger.go:66:                   + pullSecretRef = (known after apply)
TestTerraformConfluentPlatformExample 2022-08-03T15:54:04Z logger.go:66:                 }
TestTerraformConfluentPlatformExample 2022-08-03T15:54:04Z logger.go:66:               + injectAnnotations  = (known after apply)
TestTerraformConfluentPlatformExample 2022-08-03T15:54:04Z logger.go:66:               + injectLabels       = (known after apply)
TestTerraformConfluentPlatformExample 2022-08-03T15:54:04Z logger.go:66:               + k8sClusterDomain   = (known after apply)
TestTerraformConfluentPlatformExample 2022-08-03T15:54:04Z logger.go:66:               + license            = {
TestTerraformConfluentPlatformExample 2022-08-03T15:54:04Z logger.go:66:                   + directoryPathInContainer = (known after apply)
TestTerraformConfluentPlatformExample 2022-08-03T15:54:04Z logger.go:66:                   + globalLicense            = (known after apply)
TestTerraformConfluentPlatformExample 2022-08-03T15:54:04Z logger.go:66:                   + secretRef                = (known after apply)
TestTerraformConfluentPlatformExample 2022-08-03T15:54:04Z logger.go:66:                 }
TestTerraformConfluentPlatformExample 2022-08-03T15:54:04Z logger.go:66:               + logVolumeCapacity  = "10Gi"
TestTerraformConfluentPlatformExample 2022-08-03T15:54:04Z logger.go:66:               + metrics            = {
TestTerraformConfluentPlatformExample 2022-08-03T15:54:04Z logger.go:66:                   + authentication = {
TestTerraformConfluentPlatformExample 2022-08-03T15:54:04Z logger.go:66:                       + type = (known after apply)
TestTerraformConfluentPlatformExample 2022-08-03T15:54:04Z logger.go:66:                     }
TestTerraformConfluentPlatformExample 2022-08-03T15:54:04Z logger.go:66:                   + prometheus     = {
TestTerraformConfluentPlatformExample 2022-08-03T15:54:04Z logger.go:66:                       + blacklist = (known after apply)
TestTerraformConfluentPlatformExample 2022-08-03T15:54:04Z logger.go:66:                       + rules     = (known after apply)
TestTerraformConfluentPlatformExample 2022-08-03T15:54:04Z logger.go:66:                       + whitelist = (known after apply)
TestTerraformConfluentPlatformExample 2022-08-03T15:54:04Z logger.go:66:                     }
TestTerraformConfluentPlatformExample 2022-08-03T15:54:04Z logger.go:66:                   + tls            = {
TestTerraformConfluentPlatformExample 2022-08-03T15:54:04Z logger.go:66:                       + directoryPathInContainer = (known after apply)
TestTerraformConfluentPlatformExample 2022-08-03T15:54:04Z logger.go:66:                       + enabled                  = (known after apply)
TestTerraformConfluentPlatformExample 2022-08-03T15:54:04Z logger.go:66:                       + ignoreTrustStoreConfig   = (known after apply)
TestTerraformConfluentPlatformExample 2022-08-03T15:54:04Z logger.go:66:                       + jksPassword              = {
TestTerraformConfluentPlatformExample 2022-08-03T15:54:04Z logger.go:66:                           + secretRef = (known after apply)
TestTerraformConfluentPlatformExample 2022-08-03T15:54:04Z logger.go:66:                         }
TestTerraformConfluentPlatformExample 2022-08-03T15:54:04Z logger.go:66:                       + secretRef                = (known after apply)
TestTerraformConfluentPlatformExample 2022-08-03T15:54:04Z logger.go:66:                     }
TestTerraformConfluentPlatformExample 2022-08-03T15:54:04Z logger.go:66:                 }
TestTerraformConfluentPlatformExample 2022-08-03T15:54:04Z logger.go:66:               + mountedSecrets     = (known after apply)
TestTerraformConfluentPlatformExample 2022-08-03T15:54:04Z logger.go:66:               + mountedVolumes     = {
TestTerraformConfluentPlatformExample 2022-08-03T15:54:04Z logger.go:66:                   + volumeMounts = (known after apply)
TestTerraformConfluentPlatformExample 2022-08-03T15:54:04Z logger.go:66:                   + volumes      = (known after apply)
TestTerraformConfluentPlatformExample 2022-08-03T15:54:04Z logger.go:66:                 }
TestTerraformConfluentPlatformExample 2022-08-03T15:54:04Z logger.go:66:               + oneReplicaPerNode  = (known after apply)
TestTerraformConfluentPlatformExample 2022-08-03T15:54:04Z logger.go:66:               + podTemplate        = {
TestTerraformConfluentPlatformExample 2022-08-03T15:54:04Z logger.go:66:                   + affinity                      = {
TestTerraformConfluentPlatformExample 2022-08-03T15:54:04Z logger.go:66:                       + nodeAffinity    = {
TestTerraformConfluentPlatformExample 2022-08-03T15:54:04Z logger.go:66:                           + preferredDuringSchedulingIgnoredDuringExecution = (known after apply)
TestTerraformConfluentPlatformExample 2022-08-03T15:54:04Z logger.go:66:                           + requiredDuringSchedulingIgnoredDuringExecution  = {
TestTerraformConfluentPlatformExample 2022-08-03T15:54:04Z logger.go:66:                               + nodeSelectorTerms = (known after apply)
TestTerraformConfluentPlatformExample 2022-08-03T15:54:04Z logger.go:66:                             }
TestTerraformConfluentPlatformExample 2022-08-03T15:54:04Z logger.go:66:                         }
TestTerraformConfluentPlatformExample 2022-08-03T15:54:04Z logger.go:66:                       + podAffinity     = {
TestTerraformConfluentPlatformExample 2022-08-03T15:54:04Z logger.go:66:                           + preferredDuringSchedulingIgnoredDuringExecution = (known after apply)
TestTerraformConfluentPlatformExample 2022-08-03T15:54:04Z logger.go:66:                           + requiredDuringSchedulingIgnoredDuringExecution  = (known after apply)
TestTerraformConfluentPlatformExample 2022-08-03T15:54:04Z logger.go:66:                         }
TestTerraformConfluentPlatformExample 2022-08-03T15:54:04Z logger.go:66:                       + podAntiAffinity = {
TestTerraformConfluentPlatformExample 2022-08-03T15:54:04Z logger.go:66:                           + preferredDuringSchedulingIgnoredDuringExecution = (known after apply)
TestTerraformConfluentPlatformExample 2022-08-03T15:54:04Z logger.go:66:                           + requiredDuringSchedulingIgnoredDuringExecution  = (known after apply)
TestTerraformConfluentPlatformExample 2022-08-03T15:54:04Z logger.go:66:                         }
TestTerraformConfluentPlatformExample 2022-08-03T15:54:04Z logger.go:66:                     }
TestTerraformConfluentPlatformExample 2022-08-03T15:54:04Z logger.go:66:                   + annotations                   = (known after apply)
TestTerraformConfluentPlatformExample 2022-08-03T15:54:04Z logger.go:66:                   + envVars                       = (known after apply)
TestTerraformConfluentPlatformExample 2022-08-03T15:54:04Z logger.go:66:                   + labels                        = (known after apply)
TestTerraformConfluentPlatformExample 2022-08-03T15:54:04Z logger.go:66:                   + podSecurityContext            = {
TestTerraformConfluentPlatformExample 2022-08-03T15:54:04Z logger.go:66:                       + fsGroup             = (known after apply)
TestTerraformConfluentPlatformExample 2022-08-03T15:54:04Z logger.go:66:                       + fsGroupChangePolicy = (known after apply)
TestTerraformConfluentPlatformExample 2022-08-03T15:54:04Z logger.go:66:                       + runAsGroup          = (known after apply)
TestTerraformConfluentPlatformExample 2022-08-03T15:54:04Z logger.go:66:                       + runAsNonRoot        = (known after apply)
TestTerraformConfluentPlatformExample 2022-08-03T15:54:04Z logger.go:66:                       + runAsUser           = (known after apply)
TestTerraformConfluentPlatformExample 2022-08-03T15:54:04Z logger.go:66:                       + seLinuxOptions      = {
TestTerraformConfluentPlatformExample 2022-08-03T15:54:04Z logger.go:66:                           + level = (known after apply)
TestTerraformConfluentPlatformExample 2022-08-03T15:54:04Z logger.go:66:                           + role  = (known after apply)
TestTerraformConfluentPlatformExample 2022-08-03T15:54:04Z logger.go:66:                           + type  = (known after apply)
TestTerraformConfluentPlatformExample 2022-08-03T15:54:04Z logger.go:66:                           + user  = (known after apply)
TestTerraformConfluentPlatformExample 2022-08-03T15:54:04Z logger.go:66:                         }
TestTerraformConfluentPlatformExample 2022-08-03T15:54:04Z logger.go:66:                       + seccompProfile      = {
TestTerraformConfluentPlatformExample 2022-08-03T15:54:04Z logger.go:66:                           + localhostProfile = (known after apply)
TestTerraformConfluentPlatformExample 2022-08-03T15:54:04Z logger.go:66:                           + type             = (known after apply)
TestTerraformConfluentPlatformExample 2022-08-03T15:54:04Z logger.go:66:                         }
TestTerraformConfluentPlatformExample 2022-08-03T15:54:04Z logger.go:66:                       + supplementalGroups  = (known after apply)
TestTerraformConfluentPlatformExample 2022-08-03T15:54:04Z logger.go:66:                       + sysctls             = (known after apply)
TestTerraformConfluentPlatformExample 2022-08-03T15:54:04Z logger.go:66:                       + windowsOptions      = {
TestTerraformConfluentPlatformExample 2022-08-03T15:54:04Z logger.go:66:                           + gmsaCredentialSpec     = (known after apply)
TestTerraformConfluentPlatformExample 2022-08-03T15:54:04Z logger.go:66:                           + gmsaCredentialSpecName = (known after apply)
TestTerraformConfluentPlatformExample 2022-08-03T15:54:04Z logger.go:66:                           + hostProcess            = (known after apply)
TestTerraformConfluentPlatformExample 2022-08-03T15:54:04Z logger.go:66:                           + runAsUserName          = (known after apply)
TestTerraformConfluentPlatformExample 2022-08-03T15:54:04Z logger.go:66:                         }
TestTerraformConfluentPlatformExample 2022-08-03T15:54:04Z logger.go:66:                     }
TestTerraformConfluentPlatformExample 2022-08-03T15:54:04Z logger.go:66:                   + priorityClassName             = (known after apply)
TestTerraformConfluentPlatformExample 2022-08-03T15:54:04Z logger.go:66:                   + probe                         = {
TestTerraformConfluentPlatformExample 2022-08-03T15:54:04Z logger.go:66:                       + liveness  = {
TestTerraformConfluentPlatformExample 2022-08-03T15:54:04Z logger.go:66:                           + failureThreshold    = (known after apply)
TestTerraformConfluentPlatformExample 2022-08-03T15:54:04Z logger.go:66:                           + initialDelaySeconds = (known after apply)
TestTerraformConfluentPlatformExample 2022-08-03T15:54:04Z logger.go:66:                           + periodSeconds       = (known after apply)
TestTerraformConfluentPlatformExample 2022-08-03T15:54:04Z logger.go:66:                           + successThreshold    = (known after apply)
TestTerraformConfluentPlatformExample 2022-08-03T15:54:04Z logger.go:66:                           + timeoutSeconds      = (known after apply)
TestTerraformConfluentPlatformExample 2022-08-03T15:54:04Z logger.go:66:                         }
TestTerraformConfluentPlatformExample 2022-08-03T15:54:04Z logger.go:66:                       + readiness = {
TestTerraformConfluentPlatformExample 2022-08-03T15:54:04Z logger.go:66:                           + failureThreshold    = (known after apply)
TestTerraformConfluentPlatformExample 2022-08-03T15:54:04Z logger.go:66:                           + initialDelaySeconds = (known after apply)
TestTerraformConfluentPlatformExample 2022-08-03T15:54:04Z logger.go:66:                           + periodSeconds       = (known after apply)
TestTerraformConfluentPlatformExample 2022-08-03T15:54:04Z logger.go:66:                           + successThreshold    = (known after apply)
TestTerraformConfluentPlatformExample 2022-08-03T15:54:04Z logger.go:66:                           + timeoutSeconds      = (known after apply)
TestTerraformConfluentPlatformExample 2022-08-03T15:54:04Z logger.go:66:                         }
TestTerraformConfluentPlatformExample 2022-08-03T15:54:04Z logger.go:66:                     }
TestTerraformConfluentPlatformExample 2022-08-03T15:54:04Z logger.go:66:                   + resources                     = {
TestTerraformConfluentPlatformExample 2022-08-03T15:54:04Z logger.go:66:                       + limits   = (known after apply)
TestTerraformConfluentPlatformExample 2022-08-03T15:54:04Z logger.go:66:                       + requests = (known after apply)
TestTerraformConfluentPlatformExample 2022-08-03T15:54:04Z logger.go:66:                     }
TestTerraformConfluentPlatformExample 2022-08-03T15:54:04Z logger.go:66:                   + securityContext               = {
TestTerraformConfluentPlatformExample 2022-08-03T15:54:04Z logger.go:66:                       + allowPrivilegeEscalation = (known after apply)
TestTerraformConfluentPlatformExample 2022-08-03T15:54:04Z logger.go:66:                       + capabilities             = {
TestTerraformConfluentPlatformExample 2022-08-03T15:54:04Z logger.go:66:                           + add  = (known after apply)
TestTerraformConfluentPlatformExample 2022-08-03T15:54:04Z logger.go:66:                           + drop = (known after apply)
TestTerraformConfluentPlatformExample 2022-08-03T15:54:04Z logger.go:66:                         }
TestTerraformConfluentPlatformExample 2022-08-03T15:54:04Z logger.go:66:                       + privileged               = (known after apply)
TestTerraformConfluentPlatformExample 2022-08-03T15:54:04Z logger.go:66:                       + procMount                = (known after apply)
TestTerraformConfluentPlatformExample 2022-08-03T15:54:04Z logger.go:66:                       + readOnlyRootFilesystem   = (known after apply)
TestTerraformConfluentPlatformExample 2022-08-03T15:54:04Z logger.go:66:                       + runAsGroup               = (known after apply)
TestTerraformConfluentPlatformExample 2022-08-03T15:54:04Z logger.go:66:                       + runAsNonRoot             = (known after apply)
TestTerraformConfluentPlatformExample 2022-08-03T15:54:04Z logger.go:66:                       + runAsUser                = (known after apply)
TestTerraformConfluentPlatformExample 2022-08-03T15:54:04Z logger.go:66:                       + seLinuxOptions           = {
TestTerraformConfluentPlatformExample 2022-08-03T15:54:04Z logger.go:66:                           + level = (known after apply)
TestTerraformConfluentPlatformExample 2022-08-03T15:54:04Z logger.go:66:                           + role  = (known after apply)
TestTerraformConfluentPlatformExample 2022-08-03T15:54:04Z logger.go:66:                           + type  = (known after apply)
TestTerraformConfluentPlatformExample 2022-08-03T15:54:04Z logger.go:66:                           + user  = (known after apply)
TestTerraformConfluentPlatformExample 2022-08-03T15:54:04Z logger.go:66:                         }
TestTerraformConfluentPlatformExample 2022-08-03T15:54:04Z logger.go:66:                       + seccompProfile           = {
TestTerraformConfluentPlatformExample 2022-08-03T15:54:04Z logger.go:66:                           + localhostProfile = (known after apply)
TestTerraformConfluentPlatformExample 2022-08-03T15:54:04Z logger.go:66:                           + type             = (known after apply)
TestTerraformConfluentPlatformExample 2022-08-03T15:54:04Z logger.go:66:                         }
TestTerraformConfluentPlatformExample 2022-08-03T15:54:04Z logger.go:66:                       + windowsOptions           = {
TestTerraformConfluentPlatformExample 2022-08-03T15:54:04Z logger.go:66:                           + gmsaCredentialSpec     = (known after apply)
TestTerraformConfluentPlatformExample 2022-08-03T15:54:04Z logger.go:66:                           + gmsaCredentialSpecName = (known after apply)
TestTerraformConfluentPlatformExample 2022-08-03T15:54:04Z logger.go:66:                           + hostProcess            = (known after apply)
TestTerraformConfluentPlatformExample 2022-08-03T15:54:04Z logger.go:66:                           + runAsUserName          = (known after apply)
TestTerraformConfluentPlatformExample 2022-08-03T15:54:04Z logger.go:66:                         }
TestTerraformConfluentPlatformExample 2022-08-03T15:54:04Z logger.go:66:                     }
TestTerraformConfluentPlatformExample 2022-08-03T15:54:04Z logger.go:66:                   + serviceAccountName            = (known after apply)
TestTerraformConfluentPlatformExample 2022-08-03T15:54:04Z logger.go:66:                   + terminationGracePeriodSeconds = (known after apply)
TestTerraformConfluentPlatformExample 2022-08-03T15:54:04Z logger.go:66:                   + tolerations                   = (known after apply)
TestTerraformConfluentPlatformExample 2022-08-03T15:54:04Z logger.go:66:                   + topologySpreadConstraints     = (known after apply)
TestTerraformConfluentPlatformExample 2022-08-03T15:54:04Z logger.go:66:                 }
TestTerraformConfluentPlatformExample 2022-08-03T15:54:04Z logger.go:66:               + replicas           = 3
TestTerraformConfluentPlatformExample 2022-08-03T15:54:04Z logger.go:66:               + storageClass       = {
TestTerraformConfluentPlatformExample 2022-08-03T15:54:04Z logger.go:66:                   + name = (known after apply)
TestTerraformConfluentPlatformExample 2022-08-03T15:54:04Z logger.go:66:                 }
TestTerraformConfluentPlatformExample 2022-08-03T15:54:04Z logger.go:66:               + tls                = {
TestTerraformConfluentPlatformExample 2022-08-03T15:54:04Z logger.go:66:                   + autoGeneratedCerts       = (known after apply)
TestTerraformConfluentPlatformExample 2022-08-03T15:54:04Z logger.go:66:                   + directoryPathInContainer = (known after apply)
TestTerraformConfluentPlatformExample 2022-08-03T15:54:04Z logger.go:66:                   + ignoreTrustStoreConfig   = (known after apply)
TestTerraformConfluentPlatformExample 2022-08-03T15:54:04Z logger.go:66:                   + jksPassword              = {
TestTerraformConfluentPlatformExample 2022-08-03T15:54:04Z logger.go:66:                       + secretRef = (known after apply)
TestTerraformConfluentPlatformExample 2022-08-03T15:54:04Z logger.go:66:                     }
TestTerraformConfluentPlatformExample 2022-08-03T15:54:04Z logger.go:66:                   + secretRef                = (known after apply)
TestTerraformConfluentPlatformExample 2022-08-03T15:54:04Z logger.go:66:                 }
TestTerraformConfluentPlatformExample 2022-08-03T15:54:04Z logger.go:66:             }
TestTerraformConfluentPlatformExample 2022-08-03T15:54:04Z logger.go:66:         }
TestTerraformConfluentPlatformExample 2022-08-03T15:54:04Z logger.go:66:
TestTerraformConfluentPlatformExample 2022-08-03T15:54:04Z logger.go:66:       + timeouts {
TestTerraformConfluentPlatformExample 2022-08-03T15:54:04Z logger.go:66:           + create = "1h"
TestTerraformConfluentPlatformExample 2022-08-03T15:54:04Z logger.go:66:           + delete = "10m"
TestTerraformConfluentPlatformExample 2022-08-03T15:54:04Z logger.go:66:           + update = "1h"
TestTerraformConfluentPlatformExample 2022-08-03T15:54:04Z logger.go:66:         }
TestTerraformConfluentPlatformExample 2022-08-03T15:54:04Z logger.go:66:
TestTerraformConfluentPlatformExample 2022-08-03T15:54:04Z logger.go:66:       + wait {
TestTerraformConfluentPlatformExample 2022-08-03T15:54:04Z logger.go:66:           + fields = {
TestTerraformConfluentPlatformExample 2022-08-03T15:54:04Z logger.go:66:               + "status.phase" = "RUNNING"
TestTerraformConfluentPlatformExample 2022-08-03T15:54:04Z logger.go:66:             }
TestTerraformConfluentPlatformExample 2022-08-03T15:54:04Z logger.go:66:         }
TestTerraformConfluentPlatformExample 2022-08-03T15:54:04Z logger.go:66:     }
TestTerraformConfluentPlatformExample 2022-08-03T15:54:04Z logger.go:66:
TestTerraformConfluentPlatformExample 2022-08-03T15:54:04Z logger.go:66:   # module.confluent_platform.module.confluent_operator[0].helm_release.confluent_operator[0] will be created
TestTerraformConfluentPlatformExample 2022-08-03T15:54:04Z logger.go:66:   + resource "helm_release" "confluent_operator" {
TestTerraformConfluentPlatformExample 2022-08-03T15:54:04Z logger.go:66:       + atomic                     = false
TestTerraformConfluentPlatformExample 2022-08-03T15:54:04Z logger.go:66:       + chart                      = "confluent-for-kubernetes"
TestTerraformConfluentPlatformExample 2022-08-03T15:54:04Z logger.go:66:       + cleanup_on_fail            = false
TestTerraformConfluentPlatformExample 2022-08-03T15:54:04Z logger.go:66:       + create_namespace           = false
TestTerraformConfluentPlatformExample 2022-08-03T15:54:04Z logger.go:66:       + dependency_update          = false
TestTerraformConfluentPlatformExample 2022-08-03T15:54:05Z logger.go:66:       + disable_crd_hooks          = false
TestTerraformConfluentPlatformExample 2022-08-03T15:54:05Z logger.go:66:       + disable_openapi_validation = false
TestTerraformConfluentPlatformExample 2022-08-03T15:54:05Z logger.go:66:       + disable_webhooks           = false
TestTerraformConfluentPlatformExample 2022-08-03T15:54:05Z logger.go:66:       + force_update               = false
TestTerraformConfluentPlatformExample 2022-08-03T15:54:05Z logger.go:66:       + id                         = (known after apply)
TestTerraformConfluentPlatformExample 2022-08-03T15:54:05Z logger.go:66:       + lint                       = false
TestTerraformConfluentPlatformExample 2022-08-03T15:54:05Z logger.go:66:       + manifest                   = (known after apply)
TestTerraformConfluentPlatformExample 2022-08-03T15:54:05Z logger.go:66:       + max_history                = 0
TestTerraformConfluentPlatformExample 2022-08-03T15:54:05Z logger.go:66:       + metadata                   = (known after apply)
TestTerraformConfluentPlatformExample 2022-08-03T15:54:05Z logger.go:66:       + name                       = "confluent-operator"
TestTerraformConfluentPlatformExample 2022-08-03T15:54:05Z logger.go:66:       + namespace                  = "confluent"
TestTerraformConfluentPlatformExample 2022-08-03T15:54:05Z logger.go:66:       + pass_credentials           = false
TestTerraformConfluentPlatformExample 2022-08-03T15:54:05Z logger.go:66:       + recreate_pods              = false
TestTerraformConfluentPlatformExample 2022-08-03T15:54:05Z logger.go:66:       + render_subchart_notes      = true
TestTerraformConfluentPlatformExample 2022-08-03T15:54:05Z logger.go:66:       + replace                    = false
TestTerraformConfluentPlatformExample 2022-08-03T15:54:05Z logger.go:66:       + repository                 = "https://packages.confluent.io/helm"
TestTerraformConfluentPlatformExample 2022-08-03T15:54:05Z logger.go:66:       + reset_values               = false
TestTerraformConfluentPlatformExample 2022-08-03T15:54:05Z logger.go:66:       + reuse_values               = false
TestTerraformConfluentPlatformExample 2022-08-03T15:54:05Z logger.go:66:       + skip_crds                  = false
TestTerraformConfluentPlatformExample 2022-08-03T15:54:05Z logger.go:66:       + status                     = "deployed"
TestTerraformConfluentPlatformExample 2022-08-03T15:54:05Z logger.go:66:       + timeout                    = 300
TestTerraformConfluentPlatformExample 2022-08-03T15:54:05Z logger.go:66:       + values                     = []
TestTerraformConfluentPlatformExample 2022-08-03T15:54:05Z logger.go:66:       + verify                     = false
TestTerraformConfluentPlatformExample 2022-08-03T15:54:05Z logger.go:66:       + version                    = "0.517.23"
TestTerraformConfluentPlatformExample 2022-08-03T15:54:05Z logger.go:66:       + wait                       = true
TestTerraformConfluentPlatformExample 2022-08-03T15:54:05Z logger.go:66:       + wait_for_jobs              = true
TestTerraformConfluentPlatformExample 2022-08-03T15:54:05Z logger.go:66:     }
TestTerraformConfluentPlatformExample 2022-08-03T15:54:05Z logger.go:66:
TestTerraformConfluentPlatformExample 2022-08-03T15:54:05Z logger.go:66:   # module.confluent_platform.module.confluent_operator[0].kubernetes_namespace_v1.namespace[0] will be created
TestTerraformConfluentPlatformExample 2022-08-03T15:54:05Z logger.go:66:   + resource "kubernetes_namespace_v1" "namespace" {
TestTerraformConfluentPlatformExample 2022-08-03T15:54:05Z logger.go:66:       + id = (known after apply)
TestTerraformConfluentPlatformExample 2022-08-03T15:54:05Z logger.go:66:
TestTerraformConfluentPlatformExample 2022-08-03T15:54:05Z logger.go:66:       + metadata {
TestTerraformConfluentPlatformExample 2022-08-03T15:54:05Z logger.go:66:           + generation       = (known after apply)
TestTerraformConfluentPlatformExample 2022-08-03T15:54:05Z logger.go:66:           + name             = "confluent"
TestTerraformConfluentPlatformExample 2022-08-03T15:54:05Z logger.go:66:           + resource_version = (known after apply)
TestTerraformConfluentPlatformExample 2022-08-03T15:54:05Z logger.go:66:           + uid              = (known after apply)
TestTerraformConfluentPlatformExample 2022-08-03T15:54:05Z logger.go:66:         }
TestTerraformConfluentPlatformExample 2022-08-03T15:54:05Z logger.go:66:     }
TestTerraformConfluentPlatformExample 2022-08-03T15:54:05Z logger.go:66:
TestTerraformConfluentPlatformExample 2022-08-03T15:54:05Z logger.go:66: Plan: 9 to add, 0 to change, 0 to destroy.
TestTerraformConfluentPlatformExample 2022-08-03T15:54:05Z logger.go:66:
TestTerraformConfluentPlatformExample 2022-08-03T15:54:05Z logger.go:66: Changes to Outputs:
TestTerraformConfluentPlatformExample 2022-08-03T15:54:05Z logger.go:66:   + connect        = (known after apply)
TestTerraformConfluentPlatformExample 2022-08-03T15:54:05Z logger.go:66:   + controlcenter  = (known after apply)
TestTerraformConfluentPlatformExample 2022-08-03T15:54:05Z logger.go:66:   + kafka          = (known after apply)
TestTerraformConfluentPlatformExample 2022-08-03T15:54:05Z logger.go:66:   + kafkarestproxy = (known after apply)
TestTerraformConfluentPlatformExample 2022-08-03T15:54:05Z logger.go:66:   + ksqldb         = (known after apply)
TestTerraformConfluentPlatformExample 2022-08-03T15:54:05Z logger.go:66:   + namespace      = "confluent"
TestTerraformConfluentPlatformExample 2022-08-03T15:54:05Z logger.go:66:   + schemaregistry = (known after apply)
TestTerraformConfluentPlatformExample 2022-08-03T15:54:05Z logger.go:66:   + zookeeper      = (known after apply)
TestTerraformConfluentPlatformExample 2022-08-03T15:54:06Z logger.go:66: module.confluent_platform.module.confluent_operator[0].kubernetes_namespace_v1.namespace[0]: Creating...
TestTerraformConfluentPlatformExample 2022-08-03T15:54:06Z logger.go:66:
TestTerraformConfluentPlatformExample 2022-08-03T15:54:06Z logger.go:66: Error: namespaces "confluent" already exists
TestTerraformConfluentPlatformExample 2022-08-03T15:54:06Z logger.go:66:
TestTerraformConfluentPlatformExample 2022-08-03T15:54:06Z logger.go:66:   with module.confluent_platform.module.confluent_operator[0].kubernetes_namespace_v1.namespace[0],
TestTerraformConfluentPlatformExample 2022-08-03T15:54:06Z logger.go:66:   on ../../modules/confluent_operator/namespace.tf line 1, in resource "kubernetes_namespace_v1" "namespace":
TestTerraformConfluentPlatformExample 2022-08-03T15:54:06Z logger.go:66:    1: resource "kubernetes_namespace_v1" "namespace" {
TestTerraformConfluentPlatformExample 2022-08-03T15:54:06Z logger.go:66:
TestTerraformConfluentPlatformExample 2022-08-03T15:54:06Z retry.go:99: Returning due to fatal error: FatalError{Underlying: error while running command: exit status 1;
Error: namespaces "confluent" already exists

  with module.confluent_platform.module.confluent_operator[0].kubernetes_namespace_v1.namespace[0],
  on ../../modules/confluent_operator/namespace.tf line 1, in resource "kubernetes_namespace_v1" "namespace":
   1: resource "kubernetes_namespace_v1" "namespace" {
}
    apply.go:15:
        	Error Trace:	/workspaces/terraform-kubernetes-confluent-platform/test/apply.go:15
        	            				/workspaces/terraform-kubernetes-confluent-platform/test/terraform_confluent_platform_test.go:23
        	Error:      	Received unexpected error:
        	            	FatalError{Underlying: error while running command: exit status 1;
        	            	Error: namespaces "confluent" already exists

        	            	  with module.confluent_platform.module.confluent_operator[0].kubernetes_namespace_v1.namespace[0],
        	            	  on ../../modules/confluent_operator/namespace.tf line 1, in resource "kubernetes_namespace_v1" "namespace":
        	            	   1: resource "kubernetes_namespace_v1" "namespace" {
        	            	}
        	Test:       	TestTerraformConfluentPlatformExample
TestTerraformConfluentPlatformExample 2022-08-03T15:54:06Z retry.go:91: terraform [destroy -auto-approve -input=false -no-color -lock=false]
TestTerraformConfluentPlatformExample 2022-08-03T15:54:06Z logger.go:66: Running command terraform with args [destroy -auto-approve -input=false -no-color -lock=false]
TestTerraformConfluentPlatformExample 2022-08-03T15:54:12Z logger.go:66:
TestTerraformConfluentPlatformExample 2022-08-03T15:54:12Z logger.go:66: Changes to Outputs:
TestTerraformConfluentPlatformExample 2022-08-03T15:54:12Z logger.go:66:   - namespace = "confluent" -> null
TestTerraformConfluentPlatformExample 2022-08-03T15:54:12Z logger.go:66:
TestTerraformConfluentPlatformExample 2022-08-03T15:54:12Z logger.go:66: You can apply this plan to save these new output values to the Terraform
TestTerraformConfluentPlatformExample 2022-08-03T15:54:12Z logger.go:66: state, without changing any real infrastructure.
TestTerraformConfluentPlatformExample 2022-08-03T15:54:13Z logger.go:66:
TestTerraformConfluentPlatformExample 2022-08-03T15:54:13Z logger.go:66: Destroy complete! Resources: 0 destroyed.
--- FAIL: TestTerraformConfluentPlatformExample (17.27s)
FAIL
FAIL	command-line-arguments	17.283s
FAIL
