=== RUN   TestTerraformCompleteExample
TestTerraformCompleteExample 2022-08-04T19:06:42Z retry.go:91: terraform [init -upgrade=false]
TestTerraformCompleteExample 2022-08-04T19:06:42Z logger.go:66: Running command terraform with args [init -upgrade=false]
TestTerraformCompleteExample 2022-08-04T19:06:42Z logger.go:66: [0m[1mInitializing modules...[0m
TestTerraformCompleteExample 2022-08-04T19:06:43Z logger.go:66:
TestTerraformCompleteExample 2022-08-04T19:06:43Z logger.go:66: [0m[1mInitializing the backend...[0m
TestTerraformCompleteExample 2022-08-04T19:06:44Z logger.go:66:
TestTerraformCompleteExample 2022-08-04T19:06:44Z logger.go:66: [0m[1mInitializing provider plugins...[0m
TestTerraformCompleteExample 2022-08-04T19:06:44Z logger.go:66: - Reusing previous version of hashicorp/kubernetes from the dependency lock file
TestTerraformCompleteExample 2022-08-04T19:06:45Z logger.go:66: - Reusing previous version of hashicorp/helm from the dependency lock file
TestTerraformCompleteExample 2022-08-04T19:06:45Z logger.go:66: - Using previously-installed hashicorp/kubernetes v2.12.1
TestTerraformCompleteExample 2022-08-04T19:06:45Z logger.go:66: - Using previously-installed hashicorp/helm v2.6.0
TestTerraformCompleteExample 2022-08-04T19:06:45Z logger.go:66:
TestTerraformCompleteExample 2022-08-04T19:06:45Z logger.go:66: [0m[1m[32mTerraform has been successfully initialized![0m[32m[0m
TestTerraformCompleteExample 2022-08-04T19:06:45Z logger.go:66: [0m[32m
TestTerraformCompleteExample 2022-08-04T19:06:45Z logger.go:66: You may now begin working with Terraform. Try running "terraform plan" to see
TestTerraformCompleteExample 2022-08-04T19:06:45Z logger.go:66: any changes that are required for your infrastructure. All Terraform commands
TestTerraformCompleteExample 2022-08-04T19:06:45Z logger.go:66: should now work.
TestTerraformCompleteExample 2022-08-04T19:06:45Z logger.go:66:
TestTerraformCompleteExample 2022-08-04T19:06:45Z logger.go:66: If you ever set or change modules or backend configuration for Terraform,
TestTerraformCompleteExample 2022-08-04T19:06:45Z logger.go:66: rerun this command to reinitialize your working directory. If you forget, other
TestTerraformCompleteExample 2022-08-04T19:06:45Z logger.go:66: commands will detect it and remind you to do so if necessary.[0m
TestTerraformCompleteExample 2022-08-04T19:06:45Z retry.go:91: terraform [apply -input=false -auto-approve -var create_controlcenter=false -no-color -lock=false]
TestTerraformCompleteExample 2022-08-04T19:06:45Z logger.go:66: Running command terraform with args [apply -input=false -auto-approve -var create_controlcenter=false -no-color -lock=false]
TestTerraformCompleteExample 2022-08-04T19:06:53Z logger.go:66:
TestTerraformCompleteExample 2022-08-04T19:06:53Z logger.go:66: Terraform used the selected providers to generate the following execution
TestTerraformCompleteExample 2022-08-04T19:06:53Z logger.go:66: plan. Resource actions are indicated with the following symbols:
TestTerraformCompleteExample 2022-08-04T19:06:53Z logger.go:66:   + create
TestTerraformCompleteExample 2022-08-04T19:06:53Z logger.go:66:  <= read (data resources)
TestTerraformCompleteExample 2022-08-04T19:06:53Z logger.go:66:
TestTerraformCompleteExample 2022-08-04T19:06:53Z logger.go:66: Terraform will perform the following actions:
TestTerraformCompleteExample 2022-08-04T19:06:53Z logger.go:66:
TestTerraformCompleteExample 2022-08-04T19:06:53Z logger.go:66:   # module.confluent_platform.data.kubernetes_resource.components["connect"] will be read during apply
TestTerraformCompleteExample 2022-08-04T19:06:53Z logger.go:66:   # (depends on a resource or a module with changes pending)
TestTerraformCompleteExample 2022-08-04T19:06:53Z logger.go:66:  <= data "kubernetes_resource" "components" {
TestTerraformCompleteExample 2022-08-04T19:06:53Z logger.go:66:       + api_version = "platform.confluent.io/v1beta1"
TestTerraformCompleteExample 2022-08-04T19:06:53Z logger.go:66:       + kind        = "Connect"
TestTerraformCompleteExample 2022-08-04T19:06:53Z logger.go:66:       + object      = (known after apply)
TestTerraformCompleteExample 2022-08-04T19:06:53Z logger.go:66:
TestTerraformCompleteExample 2022-08-04T19:06:53Z logger.go:66:       + metadata {
TestTerraformCompleteExample 2022-08-04T19:06:53Z logger.go:66:           + name      = "connect"
TestTerraformCompleteExample 2022-08-04T19:06:53Z logger.go:66:           + namespace = "confluent"
TestTerraformCompleteExample 2022-08-04T19:06:53Z logger.go:66:         }
TestTerraformCompleteExample 2022-08-04T19:06:53Z logger.go:66:     }
TestTerraformCompleteExample 2022-08-04T19:06:53Z logger.go:66:
TestTerraformCompleteExample 2022-08-04T19:06:53Z logger.go:66:   # module.confluent_platform.data.kubernetes_resource.components["kafka"] will be read during apply
TestTerraformCompleteExample 2022-08-04T19:06:53Z logger.go:66:   # (depends on a resource or a module with changes pending)
TestTerraformCompleteExample 2022-08-04T19:06:53Z logger.go:66:  <= data "kubernetes_resource" "components" {
TestTerraformCompleteExample 2022-08-04T19:06:53Z logger.go:66:       + api_version = "platform.confluent.io/v1beta1"
TestTerraformCompleteExample 2022-08-04T19:06:53Z logger.go:66:       + kind        = "Kafka"
TestTerraformCompleteExample 2022-08-04T19:06:53Z logger.go:66:       + object      = (known after apply)
TestTerraformCompleteExample 2022-08-04T19:06:53Z logger.go:66:
TestTerraformCompleteExample 2022-08-04T19:06:53Z logger.go:66:       + metadata {
TestTerraformCompleteExample 2022-08-04T19:06:53Z logger.go:66:           + name      = "kafka"
TestTerraformCompleteExample 2022-08-04T19:06:53Z logger.go:66:           + namespace = "confluent"
TestTerraformCompleteExample 2022-08-04T19:06:53Z logger.go:66:         }
TestTerraformCompleteExample 2022-08-04T19:06:53Z logger.go:66:     }
TestTerraformCompleteExample 2022-08-04T19:06:53Z logger.go:66:
TestTerraformCompleteExample 2022-08-04T19:06:53Z logger.go:66:   # module.confluent_platform.data.kubernetes_resource.components["schemaregistry"] will be read during apply
TestTerraformCompleteExample 2022-08-04T19:06:53Z logger.go:66:   # (depends on a resource or a module with changes pending)
TestTerraformCompleteExample 2022-08-04T19:06:53Z logger.go:66:  <= data "kubernetes_resource" "components" {
TestTerraformCompleteExample 2022-08-04T19:06:53Z logger.go:66:       + api_version = "platform.confluent.io/v1beta1"
TestTerraformCompleteExample 2022-08-04T19:06:53Z logger.go:66:       + kind        = "SchemaRegistry"
TestTerraformCompleteExample 2022-08-04T19:06:53Z logger.go:66:       + object      = (known after apply)
TestTerraformCompleteExample 2022-08-04T19:06:53Z logger.go:66:
TestTerraformCompleteExample 2022-08-04T19:06:53Z logger.go:66:       + metadata {
TestTerraformCompleteExample 2022-08-04T19:06:53Z logger.go:66:           + name      = "schemaregistry"
TestTerraformCompleteExample 2022-08-04T19:06:53Z logger.go:66:           + namespace = "confluent"
TestTerraformCompleteExample 2022-08-04T19:06:53Z logger.go:66:         }
TestTerraformCompleteExample 2022-08-04T19:06:53Z logger.go:66:     }
TestTerraformCompleteExample 2022-08-04T19:06:53Z logger.go:66:
TestTerraformCompleteExample 2022-08-04T19:06:53Z logger.go:66:   # module.confluent_platform.data.kubernetes_resource.components["zookeeper"] will be read during apply
TestTerraformCompleteExample 2022-08-04T19:06:53Z logger.go:66:   # (depends on a resource or a module with changes pending)
TestTerraformCompleteExample 2022-08-04T19:06:53Z logger.go:66:  <= data "kubernetes_resource" "components" {
TestTerraformCompleteExample 2022-08-04T19:06:53Z logger.go:66:       + api_version = "platform.confluent.io/v1beta1"
TestTerraformCompleteExample 2022-08-04T19:06:53Z logger.go:66:       + kind        = "Zookeeper"
TestTerraformCompleteExample 2022-08-04T19:06:53Z logger.go:66:       + object      = (known after apply)
TestTerraformCompleteExample 2022-08-04T19:06:53Z logger.go:66:
TestTerraformCompleteExample 2022-08-04T19:06:53Z logger.go:66:       + metadata {
TestTerraformCompleteExample 2022-08-04T19:06:53Z logger.go:66:           + name      = "zookeeper"
TestTerraformCompleteExample 2022-08-04T19:06:53Z logger.go:66:           + namespace = "confluent"
TestTerraformCompleteExample 2022-08-04T19:06:53Z logger.go:66:         }
TestTerraformCompleteExample 2022-08-04T19:06:53Z logger.go:66:     }
TestTerraformCompleteExample 2022-08-04T19:06:53Z logger.go:66:
TestTerraformCompleteExample 2022-08-04T19:06:53Z logger.go:66:   # module.confluent_platform.kubernetes_manifest.components["connect"] will be created
TestTerraformCompleteExample 2022-08-04T19:06:53Z logger.go:66:   + resource "kubernetes_manifest" "components" {
TestTerraformCompleteExample 2022-08-04T19:06:53Z logger.go:66:       + computed_fields = [
TestTerraformCompleteExample 2022-08-04T19:06:53Z logger.go:66:           + "metadata.finalizers",
TestTerraformCompleteExample 2022-08-04T19:06:53Z logger.go:66:         ]
TestTerraformCompleteExample 2022-08-04T19:06:53Z logger.go:66:       + manifest        = {
TestTerraformCompleteExample 2022-08-04T19:06:53Z logger.go:66:           + apiVersion = "platform.confluent.io/v1beta1"
TestTerraformCompleteExample 2022-08-04T19:06:53Z logger.go:66:           + kind       = "Connect"
TestTerraformCompleteExample 2022-08-04T19:06:53Z logger.go:66:           + metadata   = {
TestTerraformCompleteExample 2022-08-04T19:06:53Z logger.go:66:               + name      = "connect"
TestTerraformCompleteExample 2022-08-04T19:06:53Z logger.go:66:               + namespace = "confluent"
TestTerraformCompleteExample 2022-08-04T19:06:53Z logger.go:66:             }
TestTerraformCompleteExample 2022-08-04T19:06:53Z logger.go:66:           + spec       = {
TestTerraformCompleteExample 2022-08-04T19:06:53Z logger.go:66:               + build        = {
TestTerraformCompleteExample 2022-08-04T19:06:53Z logger.go:66:                   + onDemand = {
TestTerraformCompleteExample 2022-08-04T19:06:53Z logger.go:66:                       + plugins = {
TestTerraformCompleteExample 2022-08-04T19:06:53Z logger.go:66:                           + confluentHub = [
TestTerraformCompleteExample 2022-08-04T19:06:53Z logger.go:66:                               + {
TestTerraformCompleteExample 2022-08-04T19:06:53Z logger.go:66:                                   + name    = "kafka-connect-datagen"
TestTerraformCompleteExample 2022-08-04T19:06:53Z logger.go:66:                                   + owner   = "confluentinc"
TestTerraformCompleteExample 2022-08-04T19:06:53Z logger.go:66:                                   + version = "0.5.2"
TestTerraformCompleteExample 2022-08-04T19:06:53Z logger.go:66:                                 },
TestTerraformCompleteExample 2022-08-04T19:06:53Z logger.go:66:                             ]
TestTerraformCompleteExample 2022-08-04T19:06:53Z logger.go:66:                           + locationType = "confluentHub"
TestTerraformCompleteExample 2022-08-04T19:06:53Z logger.go:66:                         }
TestTerraformCompleteExample 2022-08-04T19:06:53Z logger.go:66:                     }
TestTerraformCompleteExample 2022-08-04T19:06:53Z logger.go:66:                   + type     = "onDemand"
TestTerraformCompleteExample 2022-08-04T19:06:53Z logger.go:66:                 }
TestTerraformCompleteExample 2022-08-04T19:06:53Z logger.go:66:               + dependencies = {
TestTerraformCompleteExample 2022-08-04T19:06:53Z logger.go:66:                   + kafka = {
TestTerraformCompleteExample 2022-08-04T19:06:53Z logger.go:66:                       + bootstrapEndpoint = "kafka:9071"
TestTerraformCompleteExample 2022-08-04T19:06:53Z logger.go:66:                     }
TestTerraformCompleteExample 2022-08-04T19:06:53Z logger.go:66:                 }
TestTerraformCompleteExample 2022-08-04T19:06:53Z logger.go:66:               + image        = {
TestTerraformCompleteExample 2022-08-04T19:06:53Z logger.go:66:                   + application = "confluentinc/cp-server-connect:7.2.0"
TestTerraformCompleteExample 2022-08-04T19:06:53Z logger.go:66:                   + init        = "confluentinc/confluent-init-container:2.4.0"
TestTerraformCompleteExample 2022-08-04T19:06:53Z logger.go:66:                 }
TestTerraformCompleteExample 2022-08-04T19:06:53Z logger.go:66:               + replicas     = 1
TestTerraformCompleteExample 2022-08-04T19:06:53Z logger.go:66:             }
TestTerraformCompleteExample 2022-08-04T19:06:53Z logger.go:66:         }
TestTerraformCompleteExample 2022-08-04T19:06:53Z logger.go:66:       + object          = {
TestTerraformCompleteExample 2022-08-04T19:06:53Z logger.go:66:           + apiVersion = "platform.confluent.io/v1beta1"
TestTerraformCompleteExample 2022-08-04T19:06:53Z logger.go:66:           + kind       = "Connect"
TestTerraformCompleteExample 2022-08-04T19:06:53Z logger.go:66:           + metadata   = {
TestTerraformCompleteExample 2022-08-04T19:06:53Z logger.go:66:               + annotations                = (known after apply)
TestTerraformCompleteExample 2022-08-04T19:06:53Z logger.go:66:               + clusterName                = (known after apply)
TestTerraformCompleteExample 2022-08-04T19:06:53Z logger.go:66:               + creationTimestamp          = (known after apply)
TestTerraformCompleteExample 2022-08-04T19:06:53Z logger.go:66:               + deletionGracePeriodSeconds = (known after apply)
TestTerraformCompleteExample 2022-08-04T19:06:53Z logger.go:66:               + deletionTimestamp          = (known after apply)
TestTerraformCompleteExample 2022-08-04T19:06:53Z logger.go:66:               + finalizers                 = (known after apply)
TestTerraformCompleteExample 2022-08-04T19:06:53Z logger.go:66:               + generateName               = (known after apply)
TestTerraformCompleteExample 2022-08-04T19:06:53Z logger.go:66:               + generation                 = (known after apply)
TestTerraformCompleteExample 2022-08-04T19:06:53Z logger.go:66:               + labels                     = (known after apply)
TestTerraformCompleteExample 2022-08-04T19:06:53Z logger.go:66:               + managedFields              = (known after apply)
TestTerraformCompleteExample 2022-08-04T19:06:53Z logger.go:66:               + name                       = "connect"
TestTerraformCompleteExample 2022-08-04T19:06:53Z logger.go:66:               + namespace                  = "confluent"
TestTerraformCompleteExample 2022-08-04T19:06:53Z logger.go:66:               + ownerReferences            = (known after apply)
TestTerraformCompleteExample 2022-08-04T19:06:53Z logger.go:66:               + resourceVersion            = (known after apply)
TestTerraformCompleteExample 2022-08-04T19:06:53Z logger.go:66:               + selfLink                   = (known after apply)
TestTerraformCompleteExample 2022-08-04T19:06:53Z logger.go:66:               + uid                        = (known after apply)
TestTerraformCompleteExample 2022-08-04T19:06:53Z logger.go:66:             }
TestTerraformCompleteExample 2022-08-04T19:06:53Z logger.go:66:           + spec       = {
TestTerraformCompleteExample 2022-08-04T19:06:53Z logger.go:66:               + authentication                 = {
TestTerraformCompleteExample 2022-08-04T19:06:53Z logger.go:66:                   + basic = {
TestTerraformCompleteExample 2022-08-04T19:06:53Z logger.go:66:                       + debug                    = (known after apply)
TestTerraformCompleteExample 2022-08-04T19:06:53Z logger.go:66:                       + directoryPathInContainer = (known after apply)
TestTerraformCompleteExample 2022-08-04T19:06:53Z logger.go:66:                       + restrictedRoles          = (known after apply)
TestTerraformCompleteExample 2022-08-04T19:06:53Z logger.go:66:                       + roles                    = (known after apply)
TestTerraformCompleteExample 2022-08-04T19:06:53Z logger.go:66:                       + secretRef                = (known after apply)
TestTerraformCompleteExample 2022-08-04T19:06:53Z logger.go:66:                     }
TestTerraformCompleteExample 2022-08-04T19:06:53Z logger.go:66:                   + type  = (known after apply)
TestTerraformCompleteExample 2022-08-04T19:06:53Z logger.go:66:                 }
TestTerraformCompleteExample 2022-08-04T19:06:53Z logger.go:66:               + authorization                  = {
TestTerraformCompleteExample 2022-08-04T19:06:53Z logger.go:66:                   + kafkaRestClassRef = {
TestTerraformCompleteExample 2022-08-04T19:06:53Z logger.go:66:                       + name      = (known after apply)
TestTerraformCompleteExample 2022-08-04T19:06:53Z logger.go:66:                       + namespace = (known after apply)
TestTerraformCompleteExample 2022-08-04T19:06:53Z logger.go:66:                     }
TestTerraformCompleteExample 2022-08-04T19:06:53Z logger.go:66:                   + type              = (known after apply)
TestTerraformCompleteExample 2022-08-04T19:06:53Z logger.go:66:                 }
TestTerraformCompleteExample 2022-08-04T19:06:53Z logger.go:66:               + build                          = {
TestTerraformCompleteExample 2022-08-04T19:06:53Z logger.go:66:                   + onDemand = {
TestTerraformCompleteExample 2022-08-04T19:06:53Z logger.go:66:                       + plugins      = {
TestTerraformCompleteExample 2022-08-04T19:06:53Z logger.go:66:                           + confluentHub = [
TestTerraformCompleteExample 2022-08-04T19:06:53Z logger.go:66:                               + {
TestTerraformCompleteExample 2022-08-04T19:06:53Z logger.go:66:                                   + name    = "kafka-connect-datagen"
TestTerraformCompleteExample 2022-08-04T19:06:53Z logger.go:66:                                   + owner   = "confluentinc"
TestTerraformCompleteExample 2022-08-04T19:06:53Z logger.go:66:                                   + version = "0.5.2"
TestTerraformCompleteExample 2022-08-04T19:06:53Z logger.go:66:                                 },
TestTerraformCompleteExample 2022-08-04T19:06:53Z logger.go:66:                             ]
TestTerraformCompleteExample 2022-08-04T19:06:53Z logger.go:66:                           + locationType = "confluentHub"
TestTerraformCompleteExample 2022-08-04T19:06:53Z logger.go:66:                           + url          = (known after apply)
TestTerraformCompleteExample 2022-08-04T19:06:53Z logger.go:66:                         }
TestTerraformCompleteExample 2022-08-04T19:06:53Z logger.go:66:                       + storageLimit = (known after apply)
TestTerraformCompleteExample 2022-08-04T19:06:53Z logger.go:66:                     }
TestTerraformCompleteExample 2022-08-04T19:06:53Z logger.go:66:                   + type     = "onDemand"
TestTerraformCompleteExample 2022-08-04T19:06:53Z logger.go:66:                 }
TestTerraformCompleteExample 2022-08-04T19:06:53Z logger.go:66:               + configOverrides                = {
TestTerraformCompleteExample 2022-08-04T19:06:53Z logger.go:66:                   + jvm    = (known after apply)
TestTerraformCompleteExample 2022-08-04T19:06:53Z logger.go:66:                   + log4j  = (known after apply)
TestTerraformCompleteExample 2022-08-04T19:06:53Z logger.go:66:                   + server = (known after apply)
TestTerraformCompleteExample 2022-08-04T19:06:53Z logger.go:66:                 }
TestTerraformCompleteExample 2022-08-04T19:06:53Z logger.go:66:               + connectorOverridePolicy        = (known after apply)
TestTerraformCompleteExample 2022-08-04T19:06:53Z logger.go:66:               + connectorTLSCerts              = (known after apply)
TestTerraformCompleteExample 2022-08-04T19:06:53Z logger.go:66:               + dependencies                   = {
TestTerraformCompleteExample 2022-08-04T19:06:53Z logger.go:66:                   + admin          = {
TestTerraformCompleteExample 2022-08-04T19:06:53Z logger.go:66:                       + authentication    = {
TestTerraformCompleteExample 2022-08-04T19:06:53Z logger.go:66:                           + jaasConfig            = {
TestTerraformCompleteExample 2022-08-04T19:06:53Z logger.go:66:                               + secretRef = (known after apply)
TestTerraformCompleteExample 2022-08-04T19:06:53Z logger.go:66:                             }
TestTerraformCompleteExample 2022-08-04T19:06:53Z logger.go:66:                           + jaasConfigPassThrough = {
TestTerraformCompleteExample 2022-08-04T19:06:53Z logger.go:66:                               + directoryPathInContainer = (known after apply)
TestTerraformCompleteExample 2022-08-04T19:06:53Z logger.go:66:                               + secretRef                = (known after apply)
TestTerraformCompleteExample 2022-08-04T19:06:53Z logger.go:66:                             }
TestTerraformCompleteExample 2022-08-04T19:06:53Z logger.go:66:                           + oauthbearer           = {
TestTerraformCompleteExample 2022-08-04T19:06:53Z logger.go:66:                               + directoryPathInContainer = (known after apply)
TestTerraformCompleteExample 2022-08-04T19:06:53Z logger.go:66:                               + secretRef                = (known after apply)
TestTerraformCompleteExample 2022-08-04T19:06:53Z logger.go:66:                             }
TestTerraformCompleteExample 2022-08-04T19:06:53Z logger.go:66:                           + type                  = (known after apply)
TestTerraformCompleteExample 2022-08-04T19:06:53Z logger.go:66:                         }
TestTerraformCompleteExample 2022-08-04T19:06:53Z logger.go:66:                       + bootstrapEndpoint = (known after apply)
TestTerraformCompleteExample 2022-08-04T19:06:53Z logger.go:66:                       + discovery         = {
TestTerraformCompleteExample 2022-08-04T19:06:53Z logger.go:66:                           + name      = (known after apply)
TestTerraformCompleteExample 2022-08-04T19:06:53Z logger.go:66:                           + namespace = (known after apply)
TestTerraformCompleteExample 2022-08-04T19:06:53Z logger.go:66:                           + secretRef = (known after apply)
TestTerraformCompleteExample 2022-08-04T19:06:53Z logger.go:66:                         }
TestTerraformCompleteExample 2022-08-04T19:06:53Z logger.go:66:                       + tls               = {
TestTerraformCompleteExample 2022-08-04T19:06:53Z logger.go:66:                           + directoryPathInContainer = (known after apply)
TestTerraformCompleteExample 2022-08-04T19:06:53Z logger.go:66:                           + enabled                  = (known after apply)
TestTerraformCompleteExample 2022-08-04T19:06:53Z logger.go:66:                           + ignoreTrustStoreConfig   = (known after apply)
TestTerraformCompleteExample 2022-08-04T19:06:53Z logger.go:66:                           + jksPassword              = {
TestTerraformCompleteExample 2022-08-04T19:06:53Z logger.go:66:                               + secretRef = (known after apply)
TestTerraformCompleteExample 2022-08-04T19:06:53Z logger.go:66:                             }
TestTerraformCompleteExample 2022-08-04T19:06:53Z logger.go:66:                           + secretRef                = (known after apply)
TestTerraformCompleteExample 2022-08-04T19:06:53Z logger.go:66:                         }
TestTerraformCompleteExample 2022-08-04T19:06:53Z logger.go:66:                     }
TestTerraformCompleteExample 2022-08-04T19:06:53Z logger.go:66:                   + consumer       = {
TestTerraformCompleteExample 2022-08-04T19:06:53Z logger.go:66:                       + authentication    = {
TestTerraformCompleteExample 2022-08-04T19:06:53Z logger.go:66:                           + jaasConfig            = {
TestTerraformCompleteExample 2022-08-04T19:06:53Z logger.go:66:                               + secretRef = (known after apply)
TestTerraformCompleteExample 2022-08-04T19:06:53Z logger.go:66:                             }
TestTerraformCompleteExample 2022-08-04T19:06:53Z logger.go:66:                           + jaasConfigPassThrough = {
TestTerraformCompleteExample 2022-08-04T19:06:53Z logger.go:66:                               + directoryPathInContainer = (known after apply)
TestTerraformCompleteExample 2022-08-04T19:06:53Z logger.go:66:                               + secretRef                = (known after apply)
TestTerraformCompleteExample 2022-08-04T19:06:53Z logger.go:66:                             }
TestTerraformCompleteExample 2022-08-04T19:06:53Z logger.go:66:                           + oauthbearer           = {
TestTerraformCompleteExample 2022-08-04T19:06:53Z logger.go:66:                               + directoryPathInContainer = (known after apply)
TestTerraformCompleteExample 2022-08-04T19:06:53Z logger.go:66:                               + secretRef                = (known after apply)
TestTerraformCompleteExample 2022-08-04T19:06:53Z logger.go:66:                             }
TestTerraformCompleteExample 2022-08-04T19:06:53Z logger.go:66:                           + type                  = (known after apply)
TestTerraformCompleteExample 2022-08-04T19:06:53Z logger.go:66:                         }
TestTerraformCompleteExample 2022-08-04T19:06:53Z logger.go:66:                       + bootstrapEndpoint = (known after apply)
TestTerraformCompleteExample 2022-08-04T19:06:53Z logger.go:66:                       + discovery         = {
TestTerraformCompleteExample 2022-08-04T19:06:53Z logger.go:66:                           + name      = (known after apply)
TestTerraformCompleteExample 2022-08-04T19:06:53Z logger.go:66:                           + namespace = (known after apply)
TestTerraformCompleteExample 2022-08-04T19:06:53Z logger.go:66:                           + secretRef = (known after apply)
TestTerraformCompleteExample 2022-08-04T19:06:53Z logger.go:66:                         }
TestTerraformCompleteExample 2022-08-04T19:06:53Z logger.go:66:                       + tls               = {
TestTerraformCompleteExample 2022-08-04T19:06:53Z logger.go:66:                           + directoryPathInContainer = (known after apply)
TestTerraformCompleteExample 2022-08-04T19:06:53Z logger.go:66:                           + enabled                  = (known after apply)
TestTerraformCompleteExample 2022-08-04T19:06:53Z logger.go:66:                           + ignoreTrustStoreConfig   = (known after apply)
TestTerraformCompleteExample 2022-08-04T19:06:53Z logger.go:66:                           + jksPassword              = {
TestTerraformCompleteExample 2022-08-04T19:06:53Z logger.go:66:                               + secretRef = (known after apply)
TestTerraformCompleteExample 2022-08-04T19:06:53Z logger.go:66:                             }
TestTerraformCompleteExample 2022-08-04T19:06:53Z logger.go:66:                           + secretRef                = (known after apply)
TestTerraformCompleteExample 2022-08-04T19:06:53Z logger.go:66:                         }
TestTerraformCompleteExample 2022-08-04T19:06:53Z logger.go:66:                     }
TestTerraformCompleteExample 2022-08-04T19:06:53Z logger.go:66:                   + interceptor    = {
TestTerraformCompleteExample 2022-08-04T19:06:53Z logger.go:66:                       + configs   = (known after apply)
TestTerraformCompleteExample 2022-08-04T19:06:53Z logger.go:66:                       + consumer  = {
TestTerraformCompleteExample 2022-08-04T19:06:53Z logger.go:66:                           + authentication    = {
TestTerraformCompleteExample 2022-08-04T19:06:53Z logger.go:66:                               + jaasConfig            = {
TestTerraformCompleteExample 2022-08-04T19:06:53Z logger.go:66:                                   + secretRef = (known after apply)
TestTerraformCompleteExample 2022-08-04T19:06:53Z logger.go:66:                                 }
TestTerraformCompleteExample 2022-08-04T19:06:53Z logger.go:66:                               + jaasConfigPassThrough = {
TestTerraformCompleteExample 2022-08-04T19:06:53Z logger.go:66:                                   + directoryPathInContainer = (known after apply)
TestTerraformCompleteExample 2022-08-04T19:06:53Z logger.go:66:                                   + secretRef                = (known after apply)
TestTerraformCompleteExample 2022-08-04T19:06:53Z logger.go:66:                                 }
TestTerraformCompleteExample 2022-08-04T19:06:53Z logger.go:66:                               + oauthbearer           = {
TestTerraformCompleteExample 2022-08-04T19:06:53Z logger.go:66:                                   + directoryPathInContainer = (known after apply)
TestTerraformCompleteExample 2022-08-04T19:06:53Z logger.go:66:                                   + secretRef                = (known after apply)
TestTerraformCompleteExample 2022-08-04T19:06:53Z logger.go:66:                                 }
TestTerraformCompleteExample 2022-08-04T19:06:53Z logger.go:66:                               + type                  = (known after apply)
TestTerraformCompleteExample 2022-08-04T19:06:53Z logger.go:66:                             }
TestTerraformCompleteExample 2022-08-04T19:06:53Z logger.go:66:                           + bootstrapEndpoint = (known after apply)
TestTerraformCompleteExample 2022-08-04T19:06:53Z logger.go:66:                           + discovery         = {
TestTerraformCompleteExample 2022-08-04T19:06:53Z logger.go:66:                               + name      = (known after apply)
TestTerraformCompleteExample 2022-08-04T19:06:53Z logger.go:66:                               + namespace = (known after apply)
TestTerraformCompleteExample 2022-08-04T19:06:53Z logger.go:66:                               + secretRef = (known after apply)
TestTerraformCompleteExample 2022-08-04T19:06:53Z logger.go:66:                             }
TestTerraformCompleteExample 2022-08-04T19:06:53Z logger.go:66:                           + tls               = {
TestTerraformCompleteExample 2022-08-04T19:06:53Z logger.go:66:                               + directoryPathInContainer = (known after apply)
TestTerraformCompleteExample 2022-08-04T19:06:53Z logger.go:66:                               + enabled                  = (known after apply)
TestTerraformCompleteExample 2022-08-04T19:06:53Z logger.go:66:                               + ignoreTrustStoreConfig   = (known after apply)
TestTerraformCompleteExample 2022-08-04T19:06:53Z logger.go:66:                               + jksPassword              = {
TestTerraformCompleteExample 2022-08-04T19:06:53Z logger.go:66:                                   + secretRef = (known after apply)
TestTerraformCompleteExample 2022-08-04T19:06:53Z logger.go:66:                                 }
TestTerraformCompleteExample 2022-08-04T19:06:53Z logger.go:66:                               + secretRef                = (known after apply)
TestTerraformCompleteExample 2022-08-04T19:06:53Z logger.go:66:                             }
TestTerraformCompleteExample 2022-08-04T19:06:53Z logger.go:66:                         }
TestTerraformCompleteExample 2022-08-04T19:06:53Z logger.go:66:                       + enabled   = (known after apply)
TestTerraformCompleteExample 2022-08-04T19:06:53Z logger.go:66:                       + producer  = {
TestTerraformCompleteExample 2022-08-04T19:06:53Z logger.go:66:                           + authentication    = {
TestTerraformCompleteExample 2022-08-04T19:06:53Z logger.go:66:                               + jaasConfig            = {
TestTerraformCompleteExample 2022-08-04T19:06:53Z logger.go:66:                                   + secretRef = (known after apply)
TestTerraformCompleteExample 2022-08-04T19:06:53Z logger.go:66:                                 }
TestTerraformCompleteExample 2022-08-04T19:06:53Z logger.go:66:                               + jaasConfigPassThrough = {
TestTerraformCompleteExample 2022-08-04T19:06:53Z logger.go:66:                                   + directoryPathInContainer = (known after apply)
TestTerraformCompleteExample 2022-08-04T19:06:53Z logger.go:66:                                   + secretRef                = (known after apply)
TestTerraformCompleteExample 2022-08-04T19:06:53Z logger.go:66:                                 }
TestTerraformCompleteExample 2022-08-04T19:06:53Z logger.go:66:                               + oauthbearer           = {
TestTerraformCompleteExample 2022-08-04T19:06:53Z logger.go:66:                                   + directoryPathInContainer = (known after apply)
TestTerraformCompleteExample 2022-08-04T19:06:53Z logger.go:66:                                   + secretRef                = (known after apply)
TestTerraformCompleteExample 2022-08-04T19:06:53Z logger.go:66:                                 }
TestTerraformCompleteExample 2022-08-04T19:06:53Z logger.go:66:                               + type                  = (known after apply)
TestTerraformCompleteExample 2022-08-04T19:06:53Z logger.go:66:                             }
TestTerraformCompleteExample 2022-08-04T19:06:53Z logger.go:66:                           + bootstrapEndpoint = (known after apply)
TestTerraformCompleteExample 2022-08-04T19:06:53Z logger.go:66:                           + discovery         = {
TestTerraformCompleteExample 2022-08-04T19:06:53Z logger.go:66:                               + name      = (known after apply)
TestTerraformCompleteExample 2022-08-04T19:06:53Z logger.go:66:                               + namespace = (known after apply)
TestTerraformCompleteExample 2022-08-04T19:06:53Z logger.go:66:                               + secretRef = (known after apply)
TestTerraformCompleteExample 2022-08-04T19:06:53Z logger.go:66:                             }
TestTerraformCompleteExample 2022-08-04T19:06:53Z logger.go:66:                           + tls               = {
TestTerraformCompleteExample 2022-08-04T19:06:53Z logger.go:66:                               + directoryPathInContainer = (known after apply)
TestTerraformCompleteExample 2022-08-04T19:06:53Z logger.go:66:                               + enabled                  = (known after apply)
TestTerraformCompleteExample 2022-08-04T19:06:53Z logger.go:66:                               + ignoreTrustStoreConfig   = (known after apply)
TestTerraformCompleteExample 2022-08-04T19:06:53Z logger.go:66:                               + jksPassword              = {
TestTerraformCompleteExample 2022-08-04T19:06:53Z logger.go:66:                                   + secretRef = (known after apply)
TestTerraformCompleteExample 2022-08-04T19:06:53Z logger.go:66:                                 }
TestTerraformCompleteExample 2022-08-04T19:06:53Z logger.go:66:                               + secretRef                = (known after apply)
TestTerraformCompleteExample 2022-08-04T19:06:53Z logger.go:66:                             }
TestTerraformCompleteExample 2022-08-04T19:06:53Z logger.go:66:                         }
TestTerraformCompleteExample 2022-08-04T19:06:53Z logger.go:66:                       + publishMs = (known after apply)
TestTerraformCompleteExample 2022-08-04T19:06:53Z logger.go:66:                     }
TestTerraformCompleteExample 2022-08-04T19:06:53Z logger.go:66:                   + kafka          = {
TestTerraformCompleteExample 2022-08-04T19:06:53Z logger.go:66:                       + authentication    = {
TestTerraformCompleteExample 2022-08-04T19:06:53Z logger.go:66:                           + jaasConfig            = {
TestTerraformCompleteExample 2022-08-04T19:06:53Z logger.go:66:                               + secretRef = (known after apply)
TestTerraformCompleteExample 2022-08-04T19:06:53Z logger.go:66:                             }
TestTerraformCompleteExample 2022-08-04T19:06:53Z logger.go:66:                           + jaasConfigPassThrough = {
TestTerraformCompleteExample 2022-08-04T19:06:53Z logger.go:66:                               + directoryPathInContainer = (known after apply)
TestTerraformCompleteExample 2022-08-04T19:06:53Z logger.go:66:                               + secretRef                = (known after apply)
TestTerraformCompleteExample 2022-08-04T19:06:53Z logger.go:66:                             }
TestTerraformCompleteExample 2022-08-04T19:06:53Z logger.go:66:                           + oauthbearer           = {
TestTerraformCompleteExample 2022-08-04T19:06:53Z logger.go:66:                               + directoryPathInContainer = (known after apply)
TestTerraformCompleteExample 2022-08-04T19:06:53Z logger.go:66:                               + secretRef                = (known after apply)
TestTerraformCompleteExample 2022-08-04T19:06:53Z logger.go:66:                             }
TestTerraformCompleteExample 2022-08-04T19:06:53Z logger.go:66:                           + type                  = (known after apply)
TestTerraformCompleteExample 2022-08-04T19:06:53Z logger.go:66:                         }
TestTerraformCompleteExample 2022-08-04T19:06:53Z logger.go:66:                       + bootstrapEndpoint = "kafka:9071"
TestTerraformCompleteExample 2022-08-04T19:06:53Z logger.go:66:                       + discovery         = {
TestTerraformCompleteExample 2022-08-04T19:06:53Z logger.go:66:                           + name      = (known after apply)
TestTerraformCompleteExample 2022-08-04T19:06:53Z logger.go:66:                           + namespace = (known after apply)
TestTerraformCompleteExample 2022-08-04T19:06:53Z logger.go:66:                           + secretRef = (known after apply)
TestTerraformCompleteExample 2022-08-04T19:06:53Z logger.go:66:                         }
TestTerraformCompleteExample 2022-08-04T19:06:53Z logger.go:66:                       + tls               = {
TestTerraformCompleteExample 2022-08-04T19:06:53Z logger.go:66:                           + directoryPathInContainer = (known after apply)
TestTerraformCompleteExample 2022-08-04T19:06:53Z logger.go:66:                           + enabled                  = (known after apply)
TestTerraformCompleteExample 2022-08-04T19:06:53Z logger.go:66:                           + ignoreTrustStoreConfig   = (known after apply)
TestTerraformCompleteExample 2022-08-04T19:06:53Z logger.go:66:                           + jksPassword              = {
TestTerraformCompleteExample 2022-08-04T19:06:53Z logger.go:66:                               + secretRef = (known after apply)
TestTerraformCompleteExample 2022-08-04T19:06:53Z logger.go:66:                             }
TestTerraformCompleteExample 2022-08-04T19:06:53Z logger.go:66:                           + secretRef                = (known after apply)
TestTerraformCompleteExample 2022-08-04T19:06:53Z logger.go:66:                         }
TestTerraformCompleteExample 2022-08-04T19:06:53Z logger.go:66:                     }
TestTerraformCompleteExample 2022-08-04T19:06:53Z logger.go:66:                   + mds            = {
TestTerraformCompleteExample 2022-08-04T19:06:53Z logger.go:66:                       + authentication = {
TestTerraformCompleteExample 2022-08-04T19:06:53Z logger.go:66:                           + bearer = {
TestTerraformCompleteExample 2022-08-04T19:06:53Z logger.go:66:                               + directoryPathInContainer = (known after apply)
TestTerraformCompleteExample 2022-08-04T19:06:53Z logger.go:66:                               + secretRef                = (known after apply)
TestTerraformCompleteExample 2022-08-04T19:06:53Z logger.go:66:                             }
TestTerraformCompleteExample 2022-08-04T19:06:53Z logger.go:66:                           + type   = (known after apply)
TestTerraformCompleteExample 2022-08-04T19:06:53Z logger.go:66:                         }
TestTerraformCompleteExample 2022-08-04T19:06:53Z logger.go:66:                       + endpoint       = (known after apply)
TestTerraformCompleteExample 2022-08-04T19:06:53Z logger.go:66:                       + tls            = {
TestTerraformCompleteExample 2022-08-04T19:06:53Z logger.go:66:                           + directoryPathInContainer = (known after apply)
TestTerraformCompleteExample 2022-08-04T19:06:53Z logger.go:66:                           + enabled                  = (known after apply)
TestTerraformCompleteExample 2022-08-04T19:06:53Z logger.go:66:                           + ignoreTrustStoreConfig   = (known after apply)
TestTerraformCompleteExample 2022-08-04T19:06:53Z logger.go:66:                           + jksPassword              = {
TestTerraformCompleteExample 2022-08-04T19:06:53Z logger.go:66:                               + secretRef = (known after apply)
TestTerraformCompleteExample 2022-08-04T19:06:53Z logger.go:66:                             }
TestTerraformCompleteExample 2022-08-04T19:06:53Z logger.go:66:                           + secretRef                = (known after apply)
TestTerraformCompleteExample 2022-08-04T19:06:53Z logger.go:66:                         }
TestTerraformCompleteExample 2022-08-04T19:06:53Z logger.go:66:                       + tokenKeyPair   = {
TestTerraformCompleteExample 2022-08-04T19:06:53Z logger.go:66:                           + directoryPathInContainer = (known after apply)
TestTerraformCompleteExample 2022-08-04T19:06:53Z logger.go:66:                           + secretRef                = (known after apply)
TestTerraformCompleteExample 2022-08-04T19:06:53Z logger.go:66:                         }
TestTerraformCompleteExample 2022-08-04T19:06:53Z logger.go:66:                     }
TestTerraformCompleteExample 2022-08-04T19:06:53Z logger.go:66:                   + producer       = {
TestTerraformCompleteExample 2022-08-04T19:06:53Z logger.go:66:                       + authentication    = {
TestTerraformCompleteExample 2022-08-04T19:06:53Z logger.go:66:                           + jaasConfig            = {
TestTerraformCompleteExample 2022-08-04T19:06:53Z logger.go:66:                               + secretRef = (known after apply)
TestTerraformCompleteExample 2022-08-04T19:06:53Z logger.go:66:                             }
TestTerraformCompleteExample 2022-08-04T19:06:53Z logger.go:66:                           + jaasConfigPassThrough = {
TestTerraformCompleteExample 2022-08-04T19:06:53Z logger.go:66:                               + directoryPathInContainer = (known after apply)
TestTerraformCompleteExample 2022-08-04T19:06:53Z logger.go:66:                               + secretRef                = (known after apply)
TestTerraformCompleteExample 2022-08-04T19:06:53Z logger.go:66:                             }
TestTerraformCompleteExample 2022-08-04T19:06:53Z logger.go:66:                           + oauthbearer           = {
TestTerraformCompleteExample 2022-08-04T19:06:53Z logger.go:66:                               + directoryPathInContainer = (known after apply)
TestTerraformCompleteExample 2022-08-04T19:06:53Z logger.go:66:                               + secretRef                = (known after apply)
TestTerraformCompleteExample 2022-08-04T19:06:53Z logger.go:66:                             }
TestTerraformCompleteExample 2022-08-04T19:06:53Z logger.go:66:                           + type                  = (known after apply)
TestTerraformCompleteExample 2022-08-04T19:06:53Z logger.go:66:                         }
TestTerraformCompleteExample 2022-08-04T19:06:53Z logger.go:66:                       + bootstrapEndpoint = (known after apply)
TestTerraformCompleteExample 2022-08-04T19:06:53Z logger.go:66:                       + discovery         = {
TestTerraformCompleteExample 2022-08-04T19:06:53Z logger.go:66:                           + name      = (known after apply)
TestTerraformCompleteExample 2022-08-04T19:06:53Z logger.go:66:                           + namespace = (known after apply)
TestTerraformCompleteExample 2022-08-04T19:06:53Z logger.go:66:                           + secretRef = (known after apply)
TestTerraformCompleteExample 2022-08-04T19:06:53Z logger.go:66:                         }
TestTerraformCompleteExample 2022-08-04T19:06:53Z logger.go:66:                       + tls               = {
TestTerraformCompleteExample 2022-08-04T19:06:53Z logger.go:66:                           + directoryPathInContainer = (known after apply)
TestTerraformCompleteExample 2022-08-04T19:06:53Z logger.go:66:                           + enabled                  = (known after apply)
TestTerraformCompleteExample 2022-08-04T19:06:53Z logger.go:66:                           + ignoreTrustStoreConfig   = (known after apply)
TestTerraformCompleteExample 2022-08-04T19:06:53Z logger.go:66:                           + jksPassword              = {
TestTerraformCompleteExample 2022-08-04T19:06:53Z logger.go:66:                               + secretRef = (known after apply)
TestTerraformCompleteExample 2022-08-04T19:06:53Z logger.go:66:                             }
TestTerraformCompleteExample 2022-08-04T19:06:53Z logger.go:66:                           + secretRef                = (known after apply)
TestTerraformCompleteExample 2022-08-04T19:06:53Z logger.go:66:                         }
TestTerraformCompleteExample 2022-08-04T19:06:53Z logger.go:66:                     }
TestTerraformCompleteExample 2022-08-04T19:06:53Z logger.go:66:                   + schemaRegistry = {
TestTerraformCompleteExample 2022-08-04T19:06:53Z logger.go:66:                       + authentication = {
TestTerraformCompleteExample 2022-08-04T19:06:53Z logger.go:66:                           + basic = {
TestTerraformCompleteExample 2022-08-04T19:06:53Z logger.go:66:                               + debug                    = (known after apply)
TestTerraformCompleteExample 2022-08-04T19:06:53Z logger.go:66:                               + directoryPathInContainer = (known after apply)
TestTerraformCompleteExample 2022-08-04T19:06:53Z logger.go:66:                               + restrictedRoles          = (known after apply)
TestTerraformCompleteExample 2022-08-04T19:06:53Z logger.go:66:                               + roles                    = (known after apply)
TestTerraformCompleteExample 2022-08-04T19:06:53Z logger.go:66:                               + secretRef                = (known after apply)
TestTerraformCompleteExample 2022-08-04T19:06:53Z logger.go:66:                             }
TestTerraformCompleteExample 2022-08-04T19:06:53Z logger.go:66:                           + type  = (known after apply)
TestTerraformCompleteExample 2022-08-04T19:06:53Z logger.go:66:                         }
TestTerraformCompleteExample 2022-08-04T19:06:53Z logger.go:66:                       + tls            = {
TestTerraformCompleteExample 2022-08-04T19:06:53Z logger.go:66:                           + directoryPathInContainer = (known after apply)
TestTerraformCompleteExample 2022-08-04T19:06:53Z logger.go:66:                           + enabled                  = (known after apply)
TestTerraformCompleteExample 2022-08-04T19:06:53Z logger.go:66:                           + ignoreTrustStoreConfig   = (known after apply)
TestTerraformCompleteExample 2022-08-04T19:06:53Z logger.go:66:                           + jksPassword              = {
TestTerraformCompleteExample 2022-08-04T19:06:53Z logger.go:66:                               + secretRef = (known after apply)
TestTerraformCompleteExample 2022-08-04T19:06:53Z logger.go:66:                             }
TestTerraformCompleteExample 2022-08-04T19:06:53Z logger.go:66:                           + secretRef                = (known after apply)
TestTerraformCompleteExample 2022-08-04T19:06:53Z logger.go:66:                         }
TestTerraformCompleteExample 2022-08-04T19:06:53Z logger.go:66:                       + url            = (known after apply)
TestTerraformCompleteExample 2022-08-04T19:06:53Z logger.go:66:                     }
TestTerraformCompleteExample 2022-08-04T19:06:53Z logger.go:66:                 }
TestTerraformCompleteExample 2022-08-04T19:06:53Z logger.go:66:               + enableSchemas                  = (known after apply)
TestTerraformCompleteExample 2022-08-04T19:06:53Z logger.go:66:               + externalAccess                 = {
TestTerraformCompleteExample 2022-08-04T19:06:53Z logger.go:66:                   + loadBalancer = {
TestTerraformCompleteExample 2022-08-04T19:06:53Z logger.go:66:                       + advertisedURL            = {
TestTerraformCompleteExample 2022-08-04T19:06:53Z logger.go:66:                           + enabled = (known after apply)
TestTerraformCompleteExample 2022-08-04T19:06:53Z logger.go:66:                           + prefix  = (known after apply)
TestTerraformCompleteExample 2022-08-04T19:06:53Z logger.go:66:                         }
TestTerraformCompleteExample 2022-08-04T19:06:53Z logger.go:66:                       + annotations              = (known after apply)
TestTerraformCompleteExample 2022-08-04T19:06:53Z logger.go:66:                       + domain                   = (known after apply)
TestTerraformCompleteExample 2022-08-04T19:06:53Z logger.go:66:                       + externalTrafficPolicy    = (known after apply)
TestTerraformCompleteExample 2022-08-04T19:06:53Z logger.go:66:                       + labels                   = (known after apply)
TestTerraformCompleteExample 2022-08-04T19:06:53Z logger.go:66:                       + loadBalancerSourceRanges = (known after apply)
TestTerraformCompleteExample 2022-08-04T19:06:53Z logger.go:66:                       + port                     = (known after apply)
TestTerraformCompleteExample 2022-08-04T19:06:53Z logger.go:66:                       + prefix                   = (known after apply)
TestTerraformCompleteExample 2022-08-04T19:06:53Z logger.go:66:                       + servicePorts             = (known after apply)
TestTerraformCompleteExample 2022-08-04T19:06:53Z logger.go:66:                       + sessionAffinity          = (known after apply)
TestTerraformCompleteExample 2022-08-04T19:06:53Z logger.go:66:                       + sessionAffinityConfig    = {
TestTerraformCompleteExample 2022-08-04T19:06:53Z logger.go:66:                           + clientIP = {
TestTerraformCompleteExample 2022-08-04T19:06:53Z logger.go:66:                               + timeoutSeconds = (known after apply)
TestTerraformCompleteExample 2022-08-04T19:06:53Z logger.go:66:                             }
TestTerraformCompleteExample 2022-08-04T19:06:53Z logger.go:66:                         }
TestTerraformCompleteExample 2022-08-04T19:06:53Z logger.go:66:                     }
TestTerraformCompleteExample 2022-08-04T19:06:53Z logger.go:66:                   + nodePort     = {
TestTerraformCompleteExample 2022-08-04T19:06:53Z logger.go:66:                       + advertisedURL         = {
TestTerraformCompleteExample 2022-08-04T19:06:53Z logger.go:66:                           + enabled = (known after apply)
TestTerraformCompleteExample 2022-08-04T19:06:53Z logger.go:66:                           + prefix  = (known after apply)
TestTerraformCompleteExample 2022-08-04T19:06:53Z logger.go:66:                         }
TestTerraformCompleteExample 2022-08-04T19:06:53Z logger.go:66:                       + annotations           = (known after apply)
TestTerraformCompleteExample 2022-08-04T19:06:53Z logger.go:66:                       + externalTrafficPolicy = (known after apply)
TestTerraformCompleteExample 2022-08-04T19:06:53Z logger.go:66:                       + host                  = (known after apply)
TestTerraformCompleteExample 2022-08-04T19:06:53Z logger.go:66:                       + labels                = (known after apply)
TestTerraformCompleteExample 2022-08-04T19:06:53Z logger.go:66:                       + nodePortOffset        = (known after apply)
TestTerraformCompleteExample 2022-08-04T19:06:53Z logger.go:66:                       + servicePorts          = (known after apply)
TestTerraformCompleteExample 2022-08-04T19:06:53Z logger.go:66:                       + sessionAffinity       = (known after apply)
TestTerraformCompleteExample 2022-08-04T19:06:53Z logger.go:66:                       + sessionAffinityConfig = {
TestTerraformCompleteExample 2022-08-04T19:06:53Z logger.go:66:                           + clientIP = {
TestTerraformCompleteExample 2022-08-04T19:06:53Z logger.go:66:                               + timeoutSeconds = (known after apply)
TestTerraformCompleteExample 2022-08-04T19:06:53Z logger.go:66:                             }
TestTerraformCompleteExample 2022-08-04T19:06:53Z logger.go:66:                         }
TestTerraformCompleteExample 2022-08-04T19:06:53Z logger.go:66:                     }
TestTerraformCompleteExample 2022-08-04T19:06:53Z logger.go:66:                   + route        = {
TestTerraformCompleteExample 2022-08-04T19:06:53Z logger.go:66:                       + annotations    = (known after apply)
TestTerraformCompleteExample 2022-08-04T19:06:53Z logger.go:66:                       + domain         = (known after apply)
TestTerraformCompleteExample 2022-08-04T19:06:53Z logger.go:66:                       + labels         = (known after apply)
TestTerraformCompleteExample 2022-08-04T19:06:53Z logger.go:66:                       + prefix         = (known after apply)
TestTerraformCompleteExample 2022-08-04T19:06:53Z logger.go:66:                       + wildcardPolicy = (known after apply)
TestTerraformCompleteExample 2022-08-04T19:06:53Z logger.go:66:                     }
TestTerraformCompleteExample 2022-08-04T19:06:53Z logger.go:66:                   + type         = (known after apply)
TestTerraformCompleteExample 2022-08-04T19:06:53Z logger.go:66:                 }
TestTerraformCompleteExample 2022-08-04T19:06:53Z logger.go:66:               + headlessService                = {
TestTerraformCompleteExample 2022-08-04T19:06:53Z logger.go:66:                   + annotations              = (known after apply)
TestTerraformCompleteExample 2022-08-04T19:06:53Z logger.go:66:                   + labels                   = (known after apply)
TestTerraformCompleteExample 2022-08-04T19:06:53Z logger.go:66:                   + publishNotReadyAddresses = (known after apply)
TestTerraformCompleteExample 2022-08-04T19:06:53Z logger.go:66:                 }
TestTerraformCompleteExample 2022-08-04T19:06:53Z logger.go:66:               + image                          = {
TestTerraformCompleteExample 2022-08-04T19:06:53Z logger.go:66:                   + application   = "confluentinc/cp-server-connect:7.2.0"
TestTerraformCompleteExample 2022-08-04T19:06:53Z logger.go:66:                   + init          = "confluentinc/confluent-init-container:2.4.0"
TestTerraformCompleteExample 2022-08-04T19:06:53Z logger.go:66:                   + pullPolicy    = (known after apply)
TestTerraformCompleteExample 2022-08-04T19:06:53Z logger.go:66:                   + pullSecretRef = (known after apply)
TestTerraformCompleteExample 2022-08-04T19:06:53Z logger.go:66:                 }
TestTerraformCompleteExample 2022-08-04T19:06:53Z logger.go:66:               + injectAnnotations              = (known after apply)
TestTerraformCompleteExample 2022-08-04T19:06:53Z logger.go:66:               + injectLabels                   = (known after apply)
TestTerraformCompleteExample 2022-08-04T19:06:53Z logger.go:66:               + internalTopicReplicationFactor = (known after apply)
TestTerraformCompleteExample 2022-08-04T19:06:53Z logger.go:66:               + k8sClusterDomain               = (known after apply)
TestTerraformCompleteExample 2022-08-04T19:06:53Z logger.go:66:               + keyConverterType               = (known after apply)
TestTerraformCompleteExample 2022-08-04T19:06:53Z logger.go:66:               + license                        = {
TestTerraformCompleteExample 2022-08-04T19:06:53Z logger.go:66:                   + directoryPathInContainer = (known after apply)
TestTerraformCompleteExample 2022-08-04T19:06:53Z logger.go:66:                   + globalLicense            = (known after apply)
TestTerraformCompleteExample 2022-08-04T19:06:53Z logger.go:66:                   + secretRef                = (known after apply)
TestTerraformCompleteExample 2022-08-04T19:06:53Z logger.go:66:                 }
TestTerraformCompleteExample 2022-08-04T19:06:53Z logger.go:66:               + metrics                        = {
TestTerraformCompleteExample 2022-08-04T19:06:53Z logger.go:66:                   + authentication = {
TestTerraformCompleteExample 2022-08-04T19:06:53Z logger.go:66:                       + type = (known after apply)
TestTerraformCompleteExample 2022-08-04T19:06:53Z logger.go:66:                     }
TestTerraformCompleteExample 2022-08-04T19:06:53Z logger.go:66:                   + prometheus     = {
TestTerraformCompleteExample 2022-08-04T19:06:53Z logger.go:66:                       + blacklist = (known after apply)
TestTerraformCompleteExample 2022-08-04T19:06:53Z logger.go:66:                       + rules     = (known after apply)
TestTerraformCompleteExample 2022-08-04T19:06:53Z logger.go:66:                       + whitelist = (known after apply)
TestTerraformCompleteExample 2022-08-04T19:06:53Z logger.go:66:                     }
TestTerraformCompleteExample 2022-08-04T19:06:53Z logger.go:66:                   + tls            = {
TestTerraformCompleteExample 2022-08-04T19:06:53Z logger.go:66:                       + directoryPathInContainer = (known after apply)
TestTerraformCompleteExample 2022-08-04T19:06:53Z logger.go:66:                       + enabled                  = (known after apply)
TestTerraformCompleteExample 2022-08-04T19:06:53Z logger.go:66:                       + ignoreTrustStoreConfig   = (known after apply)
TestTerraformCompleteExample 2022-08-04T19:06:53Z logger.go:66:                       + jksPassword              = {
TestTerraformCompleteExample 2022-08-04T19:06:53Z logger.go:66:                           + secretRef = (known after apply)
TestTerraformCompleteExample 2022-08-04T19:06:53Z logger.go:66:                         }
TestTerraformCompleteExample 2022-08-04T19:06:53Z logger.go:66:                       + secretRef                = (known after apply)
TestTerraformCompleteExample 2022-08-04T19:06:53Z logger.go:66:                     }
TestTerraformCompleteExample 2022-08-04T19:06:53Z logger.go:66:                 }
TestTerraformCompleteExample 2022-08-04T19:06:53Z logger.go:66:               + mountedSecrets                 = (known after apply)
TestTerraformCompleteExample 2022-08-04T19:06:53Z logger.go:66:               + mountedVolumes                 = {
TestTerraformCompleteExample 2022-08-04T19:06:53Z logger.go:66:                   + volumeMounts = (known after apply)
TestTerraformCompleteExample 2022-08-04T19:06:53Z logger.go:66:                   + volumes      = (known after apply)
TestTerraformCompleteExample 2022-08-04T19:06:53Z logger.go:66:                 }
TestTerraformCompleteExample 2022-08-04T19:06:53Z logger.go:66:               + oneReplicaPerNode              = (known after apply)
TestTerraformCompleteExample 2022-08-04T19:06:53Z logger.go:66:               + podTemplate                    = {
TestTerraformCompleteExample 2022-08-04T19:06:53Z logger.go:66:                   + affinity                      = {
TestTerraformCompleteExample 2022-08-04T19:06:53Z logger.go:66:                       + nodeAffinity    = {
TestTerraformCompleteExample 2022-08-04T19:06:53Z logger.go:66:                           + preferredDuringSchedulingIgnoredDuringExecution = (known after apply)
TestTerraformCompleteExample 2022-08-04T19:06:53Z logger.go:66:                           + requiredDuringSchedulingIgnoredDuringExecution  = {
TestTerraformCompleteExample 2022-08-04T19:06:53Z logger.go:66:                               + nodeSelectorTerms = (known after apply)
TestTerraformCompleteExample 2022-08-04T19:06:53Z logger.go:66:                             }
TestTerraformCompleteExample 2022-08-04T19:06:53Z logger.go:66:                         }
TestTerraformCompleteExample 2022-08-04T19:06:53Z logger.go:66:                       + podAffinity     = {
TestTerraformCompleteExample 2022-08-04T19:06:53Z logger.go:66:                           + preferredDuringSchedulingIgnoredDuringExecution = (known after apply)
TestTerraformCompleteExample 2022-08-04T19:06:53Z logger.go:66:                           + requiredDuringSchedulingIgnoredDuringExecution  = (known after apply)
TestTerraformCompleteExample 2022-08-04T19:06:53Z logger.go:66:                         }
TestTerraformCompleteExample 2022-08-04T19:06:53Z logger.go:66:                       + podAntiAffinity = {
TestTerraformCompleteExample 2022-08-04T19:06:53Z logger.go:66:                           + preferredDuringSchedulingIgnoredDuringExecution = (known after apply)
TestTerraformCompleteExample 2022-08-04T19:06:53Z logger.go:66:                           + requiredDuringSchedulingIgnoredDuringExecution  = (known after apply)
TestTerraformCompleteExample 2022-08-04T19:06:53Z logger.go:66:                         }
TestTerraformCompleteExample 2022-08-04T19:06:53Z logger.go:66:                     }
TestTerraformCompleteExample 2022-08-04T19:06:53Z logger.go:66:                   + annotations                   = (known after apply)
TestTerraformCompleteExample 2022-08-04T19:06:53Z logger.go:66:                   + envVars                       = (known after apply)
TestTerraformCompleteExample 2022-08-04T19:06:53Z logger.go:66:                   + labels                        = (known after apply)
TestTerraformCompleteExample 2022-08-04T19:06:53Z logger.go:66:                   + podSecurityContext            = {
TestTerraformCompleteExample 2022-08-04T19:06:53Z logger.go:66:                       + fsGroup             = (known after apply)
TestTerraformCompleteExample 2022-08-04T19:06:53Z logger.go:66:                       + fsGroupChangePolicy = (known after apply)
TestTerraformCompleteExample 2022-08-04T19:06:53Z logger.go:66:                       + runAsGroup          = (known after apply)
TestTerraformCompleteExample 2022-08-04T19:06:53Z logger.go:66:                       + runAsNonRoot        = (known after apply)
TestTerraformCompleteExample 2022-08-04T19:06:53Z logger.go:66:                       + runAsUser           = (known after apply)
TestTerraformCompleteExample 2022-08-04T19:06:53Z logger.go:66:                       + seLinuxOptions      = {
TestTerraformCompleteExample 2022-08-04T19:06:53Z logger.go:66:                           + level = (known after apply)
TestTerraformCompleteExample 2022-08-04T19:06:53Z logger.go:66:                           + role  = (known after apply)
TestTerraformCompleteExample 2022-08-04T19:06:53Z logger.go:66:                           + type  = (known after apply)
TestTerraformCompleteExample 2022-08-04T19:06:53Z logger.go:66:                           + user  = (known after apply)
TestTerraformCompleteExample 2022-08-04T19:06:53Z logger.go:66:                         }
TestTerraformCompleteExample 2022-08-04T19:06:53Z logger.go:66:                       + seccompProfile      = {
TestTerraformCompleteExample 2022-08-04T19:06:53Z logger.go:66:                           + localhostProfile = (known after apply)
TestTerraformCompleteExample 2022-08-04T19:06:53Z logger.go:66:                           + type             = (known after apply)
TestTerraformCompleteExample 2022-08-04T19:06:53Z logger.go:66:                         }
TestTerraformCompleteExample 2022-08-04T19:06:53Z logger.go:66:                       + supplementalGroups  = (known after apply)
TestTerraformCompleteExample 2022-08-04T19:06:53Z logger.go:66:                       + sysctls             = (known after apply)
TestTerraformCompleteExample 2022-08-04T19:06:53Z logger.go:66:                       + windowsOptions      = {
TestTerraformCompleteExample 2022-08-04T19:06:53Z logger.go:66:                           + gmsaCredentialSpec     = (known after apply)
TestTerraformCompleteExample 2022-08-04T19:06:53Z logger.go:66:                           + gmsaCredentialSpecName = (known after apply)
TestTerraformCompleteExample 2022-08-04T19:06:53Z logger.go:66:                           + hostProcess            = (known after apply)
TestTerraformCompleteExample 2022-08-04T19:06:53Z logger.go:66:                           + runAsUserName          = (known after apply)
TestTerraformCompleteExample 2022-08-04T19:06:53Z logger.go:66:                         }
TestTerraformCompleteExample 2022-08-04T19:06:53Z logger.go:66:                     }
TestTerraformCompleteExample 2022-08-04T19:06:53Z logger.go:66:                   + priorityClassName             = (known after apply)
TestTerraformCompleteExample 2022-08-04T19:06:53Z logger.go:66:                   + probe                         = {
TestTerraformCompleteExample 2022-08-04T19:06:53Z logger.go:66:                       + liveness  = {
TestTerraformCompleteExample 2022-08-04T19:06:53Z logger.go:66:                           + failureThreshold    = (known after apply)
TestTerraformCompleteExample 2022-08-04T19:06:53Z logger.go:66:                           + initialDelaySeconds = (known after apply)
TestTerraformCompleteExample 2022-08-04T19:06:53Z logger.go:66:                           + periodSeconds       = (known after apply)
TestTerraformCompleteExample 2022-08-04T19:06:53Z logger.go:66:                           + successThreshold    = (known after apply)
TestTerraformCompleteExample 2022-08-04T19:06:53Z logger.go:66:                           + timeoutSeconds      = (known after apply)
TestTerraformCompleteExample 2022-08-04T19:06:53Z logger.go:66:                         }
TestTerraformCompleteExample 2022-08-04T19:06:53Z logger.go:66:                       + readiness = {
TestTerraformCompleteExample 2022-08-04T19:06:53Z logger.go:66:                           + failureThreshold    = (known after apply)
TestTerraformCompleteExample 2022-08-04T19:06:53Z logger.go:66:                           + initialDelaySeconds = (known after apply)
TestTerraformCompleteExample 2022-08-04T19:06:53Z logger.go:66:                           + periodSeconds       = (known after apply)
TestTerraformCompleteExample 2022-08-04T19:06:53Z logger.go:66:                           + successThreshold    = (known after apply)
TestTerraformCompleteExample 2022-08-04T19:06:53Z logger.go:66:                           + timeoutSeconds      = (known after apply)
TestTerraformCompleteExample 2022-08-04T19:06:53Z logger.go:66:                         }
TestTerraformCompleteExample 2022-08-04T19:06:53Z logger.go:66:                     }
TestTerraformCompleteExample 2022-08-04T19:06:53Z logger.go:66:                   + resources                     = {
TestTerraformCompleteExample 2022-08-04T19:06:53Z logger.go:66:                       + limits   = (known after apply)
TestTerraformCompleteExample 2022-08-04T19:06:53Z logger.go:66:                       + requests = (known after apply)
TestTerraformCompleteExample 2022-08-04T19:06:53Z logger.go:66:                     }
TestTerraformCompleteExample 2022-08-04T19:06:53Z logger.go:66:                   + securityContext               = {
TestTerraformCompleteExample 2022-08-04T19:06:53Z logger.go:66:                       + allowPrivilegeEscalation = (known after apply)
TestTerraformCompleteExample 2022-08-04T19:06:53Z logger.go:66:                       + capabilities             = {
TestTerraformCompleteExample 2022-08-04T19:06:53Z logger.go:66:                           + add  = (known after apply)
TestTerraformCompleteExample 2022-08-04T19:06:53Z logger.go:66:                           + drop = (known after apply)
TestTerraformCompleteExample 2022-08-04T19:06:53Z logger.go:66:                         }
TestTerraformCompleteExample 2022-08-04T19:06:53Z logger.go:66:                       + privileged               = (known after apply)
TestTerraformCompleteExample 2022-08-04T19:06:53Z logger.go:66:                       + procMount                = (known after apply)
TestTerraformCompleteExample 2022-08-04T19:06:53Z logger.go:66:                       + readOnlyRootFilesystem   = (known after apply)
TestTerraformCompleteExample 2022-08-04T19:06:53Z logger.go:66:                       + runAsGroup               = (known after apply)
TestTerraformCompleteExample 2022-08-04T19:06:53Z logger.go:66:                       + runAsNonRoot             = (known after apply)
TestTerraformCompleteExample 2022-08-04T19:06:53Z logger.go:66:                       + runAsUser                = (known after apply)
TestTerraformCompleteExample 2022-08-04T19:06:53Z logger.go:66:                       + seLinuxOptions           = {
TestTerraformCompleteExample 2022-08-04T19:06:53Z logger.go:66:                           + level = (known after apply)
TestTerraformCompleteExample 2022-08-04T19:06:53Z logger.go:66:                           + role  = (known after apply)
TestTerraformCompleteExample 2022-08-04T19:06:53Z logger.go:66:                           + type  = (known after apply)
TestTerraformCompleteExample 2022-08-04T19:06:53Z logger.go:66:                           + user  = (known after apply)
TestTerraformCompleteExample 2022-08-04T19:06:53Z logger.go:66:                         }
TestTerraformCompleteExample 2022-08-04T19:06:53Z logger.go:66:                       + seccompProfile           = {
TestTerraformCompleteExample 2022-08-04T19:06:53Z logger.go:66:                           + localhostProfile = (known after apply)
TestTerraformCompleteExample 2022-08-04T19:06:53Z logger.go:66:                           + type             = (known after apply)
TestTerraformCompleteExample 2022-08-04T19:06:53Z logger.go:66:                         }
TestTerraformCompleteExample 2022-08-04T19:06:53Z logger.go:66:                       + windowsOptions           = {
TestTerraformCompleteExample 2022-08-04T19:06:53Z logger.go:66:                           + gmsaCredentialSpec     = (known after apply)
TestTerraformCompleteExample 2022-08-04T19:06:53Z logger.go:66:                           + gmsaCredentialSpecName = (known after apply)
TestTerraformCompleteExample 2022-08-04T19:06:53Z logger.go:66:                           + hostProcess            = (known after apply)
TestTerraformCompleteExample 2022-08-04T19:06:53Z logger.go:66:                           + runAsUserName          = (known after apply)
TestTerraformCompleteExample 2022-08-04T19:06:53Z logger.go:66:                         }
TestTerraformCompleteExample 2022-08-04T19:06:53Z logger.go:66:                     }
TestTerraformCompleteExample 2022-08-04T19:06:53Z logger.go:66:                   + serviceAccountName            = (known after apply)
TestTerraformCompleteExample 2022-08-04T19:06:53Z logger.go:66:                   + terminationGracePeriodSeconds = (known after apply)
TestTerraformCompleteExample 2022-08-04T19:06:53Z logger.go:66:                   + tolerations                   = (known after apply)
TestTerraformCompleteExample 2022-08-04T19:06:53Z logger.go:66:                   + topologySpreadConstraints     = (known after apply)
TestTerraformCompleteExample 2022-08-04T19:06:53Z logger.go:66:                 }
TestTerraformCompleteExample 2022-08-04T19:06:53Z logger.go:66:               + replicas                       = 1
TestTerraformCompleteExample 2022-08-04T19:06:53Z logger.go:66:               + telemetry                      = {
TestTerraformCompleteExample 2022-08-04T19:06:53Z logger.go:66:                   + global = (known after apply)
TestTerraformCompleteExample 2022-08-04T19:06:53Z logger.go:66:                 }
TestTerraformCompleteExample 2022-08-04T19:06:53Z logger.go:66:               + tls                            = {
TestTerraformCompleteExample 2022-08-04T19:06:53Z logger.go:66:                   + autoGeneratedCerts       = (known after apply)
TestTerraformCompleteExample 2022-08-04T19:06:53Z logger.go:66:                   + directoryPathInContainer = (known after apply)
TestTerraformCompleteExample 2022-08-04T19:06:53Z logger.go:66:                   + ignoreTrustStoreConfig   = (known after apply)
TestTerraformCompleteExample 2022-08-04T19:06:53Z logger.go:66:                   + jksPassword              = {
TestTerraformCompleteExample 2022-08-04T19:06:53Z logger.go:66:                       + secretRef = (known after apply)
TestTerraformCompleteExample 2022-08-04T19:06:53Z logger.go:66:                     }
TestTerraformCompleteExample 2022-08-04T19:06:53Z logger.go:66:                   + secretRef                = (known after apply)
TestTerraformCompleteExample 2022-08-04T19:06:53Z logger.go:66:                 }
TestTerraformCompleteExample 2022-08-04T19:06:53Z logger.go:66:               + valueConverterType             = (known after apply)
TestTerraformCompleteExample 2022-08-04T19:06:53Z logger.go:66:             }
TestTerraformCompleteExample 2022-08-04T19:06:53Z logger.go:66:         }
TestTerraformCompleteExample 2022-08-04T19:06:53Z logger.go:66:
TestTerraformCompleteExample 2022-08-04T19:06:53Z logger.go:66:       + timeouts {
TestTerraformCompleteExample 2022-08-04T19:06:53Z logger.go:66:           + create = "1h"
TestTerraformCompleteExample 2022-08-04T19:06:53Z logger.go:66:           + delete = "10m"
TestTerraformCompleteExample 2022-08-04T19:06:53Z logger.go:66:           + update = "1h"
TestTerraformCompleteExample 2022-08-04T19:06:53Z logger.go:66:         }
TestTerraformCompleteExample 2022-08-04T19:06:53Z logger.go:66:
TestTerraformCompleteExample 2022-08-04T19:06:53Z logger.go:66:       + wait {
TestTerraformCompleteExample 2022-08-04T19:06:53Z logger.go:66:           + fields = {
TestTerraformCompleteExample 2022-08-04T19:06:53Z logger.go:66:               + "status.phase" = "RUNNING"
TestTerraformCompleteExample 2022-08-04T19:06:53Z logger.go:66:             }
TestTerraformCompleteExample 2022-08-04T19:06:53Z logger.go:66:         }
TestTerraformCompleteExample 2022-08-04T19:06:53Z logger.go:66:     }
TestTerraformCompleteExample 2022-08-04T19:06:53Z logger.go:66:
TestTerraformCompleteExample 2022-08-04T19:06:53Z logger.go:66:   # module.confluent_platform.kubernetes_manifest.components["kafka"] will be created
TestTerraformCompleteExample 2022-08-04T19:06:53Z logger.go:66:   + resource "kubernetes_manifest" "components" {
TestTerraformCompleteExample 2022-08-04T19:06:53Z logger.go:66:       + computed_fields = [
TestTerraformCompleteExample 2022-08-04T19:06:53Z logger.go:66:           + "metadata.finalizers",
TestTerraformCompleteExample 2022-08-04T19:06:53Z logger.go:66:         ]
TestTerraformCompleteExample 2022-08-04T19:06:53Z logger.go:66:       + manifest        = {
TestTerraformCompleteExample 2022-08-04T19:06:53Z logger.go:66:           + apiVersion = "platform.confluent.io/v1beta1"
TestTerraformCompleteExample 2022-08-04T19:06:53Z logger.go:66:           + kind       = "Kafka"
TestTerraformCompleteExample 2022-08-04T19:06:53Z logger.go:66:           + metadata   = {
TestTerraformCompleteExample 2022-08-04T19:06:53Z logger.go:66:               + name      = "kafka"
TestTerraformCompleteExample 2022-08-04T19:06:53Z logger.go:66:               + namespace = "confluent"
TestTerraformCompleteExample 2022-08-04T19:06:53Z logger.go:66:             }
TestTerraformCompleteExample 2022-08-04T19:06:53Z logger.go:66:           + spec       = {
TestTerraformCompleteExample 2022-08-04T19:06:53Z logger.go:66:               + dataVolumeCapacity = "10Gi"
TestTerraformCompleteExample 2022-08-04T19:06:53Z logger.go:66:               + image              = {
TestTerraformCompleteExample 2022-08-04T19:06:53Z logger.go:66:                   + application = "confluentinc/cp-server:7.2.0"
TestTerraformCompleteExample 2022-08-04T19:06:53Z logger.go:66:                   + init        = "confluentinc/confluent-init-container:2.4.0"
TestTerraformCompleteExample 2022-08-04T19:06:53Z logger.go:66:                 }
TestTerraformCompleteExample 2022-08-04T19:06:53Z logger.go:66:               + metricReporter     = {
TestTerraformCompleteExample 2022-08-04T19:06:53Z logger.go:66:                   + enabled = true
TestTerraformCompleteExample 2022-08-04T19:06:53Z logger.go:66:                 }
TestTerraformCompleteExample 2022-08-04T19:06:53Z logger.go:66:               + replicas           = 3
TestTerraformCompleteExample 2022-08-04T19:06:53Z logger.go:66:             }
TestTerraformCompleteExample 2022-08-04T19:06:53Z logger.go:66:         }
TestTerraformCompleteExample 2022-08-04T19:06:53Z logger.go:66:       + object          = {
TestTerraformCompleteExample 2022-08-04T19:06:53Z logger.go:66:           + apiVersion = "platform.confluent.io/v1beta1"
TestTerraformCompleteExample 2022-08-04T19:06:53Z logger.go:66:           + kind       = "Kafka"
TestTerraformCompleteExample 2022-08-04T19:06:53Z logger.go:66:           + metadata   = {
TestTerraformCompleteExample 2022-08-04T19:06:53Z logger.go:66:               + annotations                = (known after apply)
TestTerraformCompleteExample 2022-08-04T19:06:53Z logger.go:66:               + clusterName                = (known after apply)
TestTerraformCompleteExample 2022-08-04T19:06:53Z logger.go:66:               + creationTimestamp          = (known after apply)
TestTerraformCompleteExample 2022-08-04T19:06:53Z logger.go:66:               + deletionGracePeriodSeconds = (known after apply)
TestTerraformCompleteExample 2022-08-04T19:06:53Z logger.go:66:               + deletionTimestamp          = (known after apply)
TestTerraformCompleteExample 2022-08-04T19:06:53Z logger.go:66:               + finalizers                 = (known after apply)
TestTerraformCompleteExample 2022-08-04T19:06:53Z logger.go:66:               + generateName               = (known after apply)
TestTerraformCompleteExample 2022-08-04T19:06:53Z logger.go:66:               + generation                 = (known after apply)
TestTerraformCompleteExample 2022-08-04T19:06:53Z logger.go:66:               + labels                     = (known after apply)
TestTerraformCompleteExample 2022-08-04T19:06:53Z logger.go:66:               + managedFields              = (known after apply)
TestTerraformCompleteExample 2022-08-04T19:06:53Z logger.go:66:               + name                       = "kafka"
TestTerraformCompleteExample 2022-08-04T19:06:53Z logger.go:66:               + namespace                  = "confluent"
TestTerraformCompleteExample 2022-08-04T19:06:53Z logger.go:66:               + ownerReferences            = (known after apply)
TestTerraformCompleteExample 2022-08-04T19:06:53Z logger.go:66:               + resourceVersion            = (known after apply)
TestTerraformCompleteExample 2022-08-04T19:06:53Z logger.go:66:               + selfLink                   = (known after apply)
TestTerraformCompleteExample 2022-08-04T19:06:53Z logger.go:66:               + uid                        = (known after apply)
TestTerraformCompleteExample 2022-08-04T19:06:53Z logger.go:66:             }
TestTerraformCompleteExample 2022-08-04T19:06:53Z logger.go:66:           + spec       = {
TestTerraformCompleteExample 2022-08-04T19:06:53Z logger.go:66:               + authorization      = {
TestTerraformCompleteExample 2022-08-04T19:06:53Z logger.go:66:                   + superUsers = (known after apply)
TestTerraformCompleteExample 2022-08-04T19:06:53Z logger.go:66:                   + type       = (known after apply)
TestTerraformCompleteExample 2022-08-04T19:06:53Z logger.go:66:                 }
TestTerraformCompleteExample 2022-08-04T19:06:53Z logger.go:66:               + configOverrides    = {
TestTerraformCompleteExample 2022-08-04T19:06:53Z logger.go:66:                   + jvm    = (known after apply)
TestTerraformCompleteExample 2022-08-04T19:06:53Z logger.go:66:                   + log4j  = (known after apply)
TestTerraformCompleteExample 2022-08-04T19:06:53Z logger.go:66:                   + server = (known after apply)
TestTerraformCompleteExample 2022-08-04T19:06:53Z logger.go:66:                 }
TestTerraformCompleteExample 2022-08-04T19:06:53Z logger.go:66:               + dataVolumeCapacity = "10Gi"
TestTerraformCompleteExample 2022-08-04T19:06:53Z logger.go:66:               + dependencies       = {
TestTerraformCompleteExample 2022-08-04T19:06:53Z logger.go:66:                   + kafkaRest      = {
TestTerraformCompleteExample 2022-08-04T19:06:53Z logger.go:66:                       + authentication    = {
TestTerraformCompleteExample 2022-08-04T19:06:53Z logger.go:66:                           + bearer                = {
TestTerraformCompleteExample 2022-08-04T19:06:53Z logger.go:66:                               + directoryPathInContainer = (known after apply)
TestTerraformCompleteExample 2022-08-04T19:06:53Z logger.go:66:                               + secretRef                = (known after apply)
TestTerraformCompleteExample 2022-08-04T19:06:53Z logger.go:66:                             }
TestTerraformCompleteExample 2022-08-04T19:06:53Z logger.go:66:                           + jaasConfig            = {
TestTerraformCompleteExample 2022-08-04T19:06:53Z logger.go:66:                               + secretRef = (known after apply)
TestTerraformCompleteExample 2022-08-04T19:06:53Z logger.go:66:                             }
TestTerraformCompleteExample 2022-08-04T19:06:53Z logger.go:66:                           + jaasConfigPassThrough = {
TestTerraformCompleteExample 2022-08-04T19:06:53Z logger.go:66:                               + directoryPathInContainer = (known after apply)
TestTerraformCompleteExample 2022-08-04T19:06:53Z logger.go:66:                               + secretRef                = (known after apply)
TestTerraformCompleteExample 2022-08-04T19:06:53Z logger.go:66:                             }
TestTerraformCompleteExample 2022-08-04T19:06:53Z logger.go:66:                           + oauthbearer           = {
TestTerraformCompleteExample 2022-08-04T19:06:53Z logger.go:66:                               + directoryPathInContainer = (known after apply)
TestTerraformCompleteExample 2022-08-04T19:06:53Z logger.go:66:                               + secretRef                = (known after apply)
TestTerraformCompleteExample 2022-08-04T19:06:53Z logger.go:66:                             }
TestTerraformCompleteExample 2022-08-04T19:06:53Z logger.go:66:                           + type                  = (known after apply)
TestTerraformCompleteExample 2022-08-04T19:06:53Z logger.go:66:                         }
TestTerraformCompleteExample 2022-08-04T19:06:53Z logger.go:66:                       + bootstrapEndpoint = (known after apply)
TestTerraformCompleteExample 2022-08-04T19:06:53Z logger.go:66:                       + endpoint          = (known after apply)
TestTerraformCompleteExample 2022-08-04T19:06:53Z logger.go:66:                       + tls               = {
TestTerraformCompleteExample 2022-08-04T19:06:53Z logger.go:66:                           + directoryPathInContainer = (known after apply)
TestTerraformCompleteExample 2022-08-04T19:06:53Z logger.go:66:                           + enabled                  = (known after apply)
TestTerraformCompleteExample 2022-08-04T19:06:53Z logger.go:66:                           + ignoreTrustStoreConfig   = (known after apply)
TestTerraformCompleteExample 2022-08-04T19:06:53Z logger.go:66:                           + jksPassword              = {
TestTerraformCompleteExample 2022-08-04T19:06:53Z logger.go:66:                               + secretRef = (known after apply)
TestTerraformCompleteExample 2022-08-04T19:06:53Z logger.go:66:                             }
TestTerraformCompleteExample 2022-08-04T19:06:53Z logger.go:66:                           + secretRef                = (known after apply)
TestTerraformCompleteExample 2022-08-04T19:06:53Z logger.go:66:                         }
TestTerraformCompleteExample 2022-08-04T19:06:53Z logger.go:66:                     }
TestTerraformCompleteExample 2022-08-04T19:06:53Z logger.go:66:                   + mds            = {
TestTerraformCompleteExample 2022-08-04T19:06:53Z logger.go:66:                       + endpoint     = (known after apply)
TestTerraformCompleteExample 2022-08-04T19:06:53Z logger.go:66:                       + kafka        = {
TestTerraformCompleteExample 2022-08-04T19:06:53Z logger.go:66:                           + authentication    = {
TestTerraformCompleteExample 2022-08-04T19:06:53Z logger.go:66:                               + jaasConfig            = {
TestTerraformCompleteExample 2022-08-04T19:06:53Z logger.go:66:                                   + secretRef = (known after apply)
TestTerraformCompleteExample 2022-08-04T19:06:53Z logger.go:66:                                 }
TestTerraformCompleteExample 2022-08-04T19:06:53Z logger.go:66:                               + jaasConfigPassThrough = {
TestTerraformCompleteExample 2022-08-04T19:06:53Z logger.go:66:                                   + directoryPathInContainer = (known after apply)
TestTerraformCompleteExample 2022-08-04T19:06:53Z logger.go:66:                                   + secretRef                = (known after apply)
TestTerraformCompleteExample 2022-08-04T19:06:53Z logger.go:66:                                 }
TestTerraformCompleteExample 2022-08-04T19:06:53Z logger.go:66:                               + oauthbearer           = {
TestTerraformCompleteExample 2022-08-04T19:06:53Z logger.go:66:                                   + directoryPathInContainer = (known after apply)
TestTerraformCompleteExample 2022-08-04T19:06:53Z logger.go:66:                                   + secretRef                = (known after apply)
TestTerraformCompleteExample 2022-08-04T19:06:53Z logger.go:66:                                 }
TestTerraformCompleteExample 2022-08-04T19:06:53Z logger.go:66:                               + type                  = (known after apply)
TestTerraformCompleteExample 2022-08-04T19:06:53Z logger.go:66:                             }
TestTerraformCompleteExample 2022-08-04T19:06:53Z logger.go:66:                           + bootstrapEndpoint = (known after apply)
TestTerraformCompleteExample 2022-08-04T19:06:53Z logger.go:66:                           + discovery         = {
TestTerraformCompleteExample 2022-08-04T19:06:53Z logger.go:66:                               + name      = (known after apply)
TestTerraformCompleteExample 2022-08-04T19:06:53Z logger.go:66:                               + namespace = (known after apply)
TestTerraformCompleteExample 2022-08-04T19:06:53Z logger.go:66:                               + secretRef = (known after apply)
TestTerraformCompleteExample 2022-08-04T19:06:53Z logger.go:66:                             }
TestTerraformCompleteExample 2022-08-04T19:06:53Z logger.go:66:                           + tls               = {
TestTerraformCompleteExample 2022-08-04T19:06:53Z logger.go:66:                               + directoryPathInContainer = (known after apply)
TestTerraformCompleteExample 2022-08-04T19:06:53Z logger.go:66:                               + enabled                  = (known after apply)
TestTerraformCompleteExample 2022-08-04T19:06:53Z logger.go:66:                               + ignoreTrustStoreConfig   = (known after apply)
TestTerraformCompleteExample 2022-08-04T19:06:53Z logger.go:66:                               + jksPassword              = {
TestTerraformCompleteExample 2022-08-04T19:06:53Z logger.go:66:                                   + secretRef = (known after apply)
TestTerraformCompleteExample 2022-08-04T19:06:53Z logger.go:66:                                 }
TestTerraformCompleteExample 2022-08-04T19:06:53Z logger.go:66:                               + secretRef                = (known after apply)
TestTerraformCompleteExample 2022-08-04T19:06:53Z logger.go:66:                             }
TestTerraformCompleteExample 2022-08-04T19:06:53Z logger.go:66:                         }
TestTerraformCompleteExample 2022-08-04T19:06:53Z logger.go:66:                       + tls          = {
TestTerraformCompleteExample 2022-08-04T19:06:53Z logger.go:66:                           + directoryPathInContainer = (known after apply)
TestTerraformCompleteExample 2022-08-04T19:06:53Z logger.go:66:                           + enabled                  = (known after apply)
TestTerraformCompleteExample 2022-08-04T19:06:53Z logger.go:66:                           + ignoreTrustStoreConfig   = (known after apply)
TestTerraformCompleteExample 2022-08-04T19:06:53Z logger.go:66:                           + jksPassword              = {
TestTerraformCompleteExample 2022-08-04T19:06:53Z logger.go:66:                               + secretRef = (known after apply)
TestTerraformCompleteExample 2022-08-04T19:06:53Z logger.go:66:                             }
TestTerraformCompleteExample 2022-08-04T19:06:53Z logger.go:66:                           + secretRef                = (known after apply)
TestTerraformCompleteExample 2022-08-04T19:06:53Z logger.go:66:                         }
TestTerraformCompleteExample 2022-08-04T19:06:53Z logger.go:66:                       + tokenKeyPair = {
TestTerraformCompleteExample 2022-08-04T19:06:53Z logger.go:66:                           + directoryPathInContainer = (known after apply)
TestTerraformCompleteExample 2022-08-04T19:06:53Z logger.go:66:                           + secretRef                = (known after apply)
TestTerraformCompleteExample 2022-08-04T19:06:53Z logger.go:66:                         }
TestTerraformCompleteExample 2022-08-04T19:06:53Z logger.go:66:                     }
TestTerraformCompleteExample 2022-08-04T19:06:53Z logger.go:66:                   + schemaRegistry = {
TestTerraformCompleteExample 2022-08-04T19:06:53Z logger.go:66:                       + authentication = {
TestTerraformCompleteExample 2022-08-04T19:06:53Z logger.go:66:                           + basic = {
TestTerraformCompleteExample 2022-08-04T19:06:53Z logger.go:66:                               + debug                    = (known after apply)
TestTerraformCompleteExample 2022-08-04T19:06:53Z logger.go:66:                               + directoryPathInContainer = (known after apply)
TestTerraformCompleteExample 2022-08-04T19:06:53Z logger.go:66:                               + restrictedRoles          = (known after apply)
TestTerraformCompleteExample 2022-08-04T19:06:53Z logger.go:66:                               + roles                    = (known after apply)
TestTerraformCompleteExample 2022-08-04T19:06:53Z logger.go:66:                               + secretRef                = (known after apply)
TestTerraformCompleteExample 2022-08-04T19:06:53Z logger.go:66:                             }
TestTerraformCompleteExample 2022-08-04T19:06:53Z logger.go:66:                           + type  = (known after apply)
TestTerraformCompleteExample 2022-08-04T19:06:53Z logger.go:66:                         }
TestTerraformCompleteExample 2022-08-04T19:06:53Z logger.go:66:                       + tls            = {
TestTerraformCompleteExample 2022-08-04T19:06:53Z logger.go:66:                           + directoryPathInContainer = (known after apply)
TestTerraformCompleteExample 2022-08-04T19:06:53Z logger.go:66:                           + enabled                  = (known after apply)
TestTerraformCompleteExample 2022-08-04T19:06:53Z logger.go:66:                           + ignoreTrustStoreConfig   = (known after apply)
TestTerraformCompleteExample 2022-08-04T19:06:53Z logger.go:66:                           + jksPassword              = {
TestTerraformCompleteExample 2022-08-04T19:06:53Z logger.go:66:                               + secretRef = (known after apply)
TestTerraformCompleteExample 2022-08-04T19:06:53Z logger.go:66:                             }
TestTerraformCompleteExample 2022-08-04T19:06:53Z logger.go:66:                           + secretRef                = (known after apply)
TestTerraformCompleteExample 2022-08-04T19:06:53Z logger.go:66:                         }
TestTerraformCompleteExample 2022-08-04T19:06:53Z logger.go:66:                       + url            = (known after apply)
TestTerraformCompleteExample 2022-08-04T19:06:53Z logger.go:66:                     }
TestTerraformCompleteExample 2022-08-04T19:06:53Z logger.go:66:                   + zookeeper      = {
TestTerraformCompleteExample 2022-08-04T19:06:53Z logger.go:66:                       + authentication = {
TestTerraformCompleteExample 2022-08-04T19:06:53Z logger.go:66:                           + jaasConfig            = {
TestTerraformCompleteExample 2022-08-04T19:06:53Z logger.go:66:                               + secretRef = (known after apply)
TestTerraformCompleteExample 2022-08-04T19:06:53Z logger.go:66:                             }
TestTerraformCompleteExample 2022-08-04T19:06:53Z logger.go:66:                           + jaasConfigPassThrough = {
TestTerraformCompleteExample 2022-08-04T19:06:53Z logger.go:66:                               + directoryPathInContainer = (known after apply)
TestTerraformCompleteExample 2022-08-04T19:06:53Z logger.go:66:                               + secretRef                = (known after apply)
TestTerraformCompleteExample 2022-08-04T19:06:53Z logger.go:66:                             }
TestTerraformCompleteExample 2022-08-04T19:06:53Z logger.go:66:                           + oauthbearer           = {
TestTerraformCompleteExample 2022-08-04T19:06:53Z logger.go:66:                               + directoryPathInContainer = (known after apply)
TestTerraformCompleteExample 2022-08-04T19:06:53Z logger.go:66:                               + secretRef                = (known after apply)
TestTerraformCompleteExample 2022-08-04T19:06:53Z logger.go:66:                             }
TestTerraformCompleteExample 2022-08-04T19:06:53Z logger.go:66:                           + type                  = (known after apply)
TestTerraformCompleteExample 2022-08-04T19:06:53Z logger.go:66:                         }
TestTerraformCompleteExample 2022-08-04T19:06:53Z logger.go:66:                       + discovery      = {
TestTerraformCompleteExample 2022-08-04T19:06:53Z logger.go:66:                           + name      = (known after apply)
TestTerraformCompleteExample 2022-08-04T19:06:53Z logger.go:66:                           + namespace = (known after apply)
TestTerraformCompleteExample 2022-08-04T19:06:53Z logger.go:66:                           + secretRef = (known after apply)
TestTerraformCompleteExample 2022-08-04T19:06:53Z logger.go:66:                         }
TestTerraformCompleteExample 2022-08-04T19:06:53Z logger.go:66:                       + endpoint       = (known after apply)
TestTerraformCompleteExample 2022-08-04T19:06:53Z logger.go:66:                       + tls            = {
TestTerraformCompleteExample 2022-08-04T19:06:53Z logger.go:66:                           + directoryPathInContainer = (known after apply)
TestTerraformCompleteExample 2022-08-04T19:06:53Z logger.go:66:                           + enabled                  = (known after apply)
TestTerraformCompleteExample 2022-08-04T19:06:53Z logger.go:66:                           + ignoreTrustStoreConfig   = (known after apply)
TestTerraformCompleteExample 2022-08-04T19:06:53Z logger.go:66:                           + jksPassword              = {
TestTerraformCompleteExample 2022-08-04T19:06:53Z logger.go:66:                               + secretRef = (known after apply)
TestTerraformCompleteExample 2022-08-04T19:06:53Z logger.go:66:                             }
TestTerraformCompleteExample 2022-08-04T19:06:53Z logger.go:66:                           + secretRef                = (known after apply)
TestTerraformCompleteExample 2022-08-04T19:06:53Z logger.go:66:                         }
TestTerraformCompleteExample 2022-08-04T19:06:53Z logger.go:66:                     }
TestTerraformCompleteExample 2022-08-04T19:06:53Z logger.go:66:                 }
TestTerraformCompleteExample 2022-08-04T19:06:53Z logger.go:66:               + headlessService    = {
TestTerraformCompleteExample 2022-08-04T19:06:53Z logger.go:66:                   + annotations              = (known after apply)
TestTerraformCompleteExample 2022-08-04T19:06:53Z logger.go:66:                   + labels                   = (known after apply)
TestTerraformCompleteExample 2022-08-04T19:06:53Z logger.go:66:                   + publishNotReadyAddresses = (known after apply)
TestTerraformCompleteExample 2022-08-04T19:06:53Z logger.go:66:                 }
TestTerraformCompleteExample 2022-08-04T19:06:53Z logger.go:66:               + identityProvider   = {
TestTerraformCompleteExample 2022-08-04T19:06:53Z logger.go:66:                   + ldap = {
TestTerraformCompleteExample 2022-08-04T19:06:53Z logger.go:66:                       + address        = (known after apply)
TestTerraformCompleteExample 2022-08-04T19:06:53Z logger.go:66:                       + authentication = {
TestTerraformCompleteExample 2022-08-04T19:06:53Z logger.go:66:                           + simple = {
TestTerraformCompleteExample 2022-08-04T19:06:53Z logger.go:66:                               + directoryPathInContainer = (known after apply)
TestTerraformCompleteExample 2022-08-04T19:06:53Z logger.go:66:                               + secretRef                = (known after apply)
TestTerraformCompleteExample 2022-08-04T19:06:53Z logger.go:66:                             }
TestTerraformCompleteExample 2022-08-04T19:06:53Z logger.go:66:                           + type   = (known after apply)
TestTerraformCompleteExample 2022-08-04T19:06:53Z logger.go:66:                         }
TestTerraformCompleteExample 2022-08-04T19:06:53Z logger.go:66:                       + configurations = {
TestTerraformCompleteExample 2022-08-04T19:06:53Z logger.go:66:                           + groupMemberAttribute         = (known after apply)
TestTerraformCompleteExample 2022-08-04T19:06:53Z logger.go:66:                           + groupMemberAttributePattern  = (known after apply)
TestTerraformCompleteExample 2022-08-04T19:06:53Z logger.go:66:                           + groupNameAttribute           = (known after apply)
TestTerraformCompleteExample 2022-08-04T19:06:53Z logger.go:66:                           + groupObjectClass             = (known after apply)
TestTerraformCompleteExample 2022-08-04T19:06:53Z logger.go:66:                           + groupSearchBase              = (known after apply)
TestTerraformCompleteExample 2022-08-04T19:06:53Z logger.go:66:                           + groupSearchFilter            = (known after apply)
TestTerraformCompleteExample 2022-08-04T19:06:53Z logger.go:66:                           + groupSearchScope             = (known after apply)
TestTerraformCompleteExample 2022-08-04T19:06:53Z logger.go:66:                           + userMemberOfAttributePattern = (known after apply)
TestTerraformCompleteExample 2022-08-04T19:06:53Z logger.go:66:                           + userNameAttribute            = (known after apply)
TestTerraformCompleteExample 2022-08-04T19:06:53Z logger.go:66:                           + userObjectClass              = (known after apply)
TestTerraformCompleteExample 2022-08-04T19:06:53Z logger.go:66:                           + userSearchBase               = (known after apply)
TestTerraformCompleteExample 2022-08-04T19:06:53Z logger.go:66:                           + userSearchFilter             = (known after apply)
TestTerraformCompleteExample 2022-08-04T19:06:53Z logger.go:66:                           + userSearchScope              = (known after apply)
TestTerraformCompleteExample 2022-08-04T19:06:53Z logger.go:66:                         }
TestTerraformCompleteExample 2022-08-04T19:06:53Z logger.go:66:                       + tls            = {
TestTerraformCompleteExample 2022-08-04T19:06:53Z logger.go:66:                           + directoryPathInContainer = (known after apply)
TestTerraformCompleteExample 2022-08-04T19:06:53Z logger.go:66:                           + enabled                  = (known after apply)
TestTerraformCompleteExample 2022-08-04T19:06:53Z logger.go:66:                           + ignoreTrustStoreConfig   = (known after apply)
TestTerraformCompleteExample 2022-08-04T19:06:53Z logger.go:66:                           + jksPassword              = {
TestTerraformCompleteExample 2022-08-04T19:06:53Z logger.go:66:                               + secretRef = (known after apply)
TestTerraformCompleteExample 2022-08-04T19:06:53Z logger.go:66:                             }
TestTerraformCompleteExample 2022-08-04T19:06:53Z logger.go:66:                           + secretRef                = (known after apply)
TestTerraformCompleteExample 2022-08-04T19:06:53Z logger.go:66:                         }
TestTerraformCompleteExample 2022-08-04T19:06:53Z logger.go:66:                     }
TestTerraformCompleteExample 2022-08-04T19:06:53Z logger.go:66:                   + type = (known after apply)
TestTerraformCompleteExample 2022-08-04T19:06:53Z logger.go:66:                 }
TestTerraformCompleteExample 2022-08-04T19:06:53Z logger.go:66:               + image              = {
TestTerraformCompleteExample 2022-08-04T19:06:53Z logger.go:66:                   + application   = "confluentinc/cp-server:7.2.0"
TestTerraformCompleteExample 2022-08-04T19:06:53Z logger.go:66:                   + init          = "confluentinc/confluent-init-container:2.4.0"
TestTerraformCompleteExample 2022-08-04T19:06:53Z logger.go:66:                   + pullPolicy    = (known after apply)
TestTerraformCompleteExample 2022-08-04T19:06:53Z logger.go:66:                   + pullSecretRef = (known after apply)
TestTerraformCompleteExample 2022-08-04T19:06:53Z logger.go:66:                 }
TestTerraformCompleteExample 2022-08-04T19:06:53Z logger.go:66:               + injectAnnotations  = (known after apply)
TestTerraformCompleteExample 2022-08-04T19:06:53Z logger.go:66:               + injectLabels       = (known after apply)
TestTerraformCompleteExample 2022-08-04T19:06:53Z logger.go:66:               + k8sClusterDomain   = (known after apply)
TestTerraformCompleteExample 2022-08-04T19:06:53Z logger.go:66:               + license            = {
TestTerraformCompleteExample 2022-08-04T19:06:53Z logger.go:66:                   + directoryPathInContainer = (known after apply)
TestTerraformCompleteExample 2022-08-04T19:06:53Z logger.go:66:                   + globalLicense            = (known after apply)
TestTerraformCompleteExample 2022-08-04T19:06:53Z logger.go:66:                   + secretRef                = (known after apply)
TestTerraformCompleteExample 2022-08-04T19:06:53Z logger.go:66:                 }
TestTerraformCompleteExample 2022-08-04T19:06:53Z logger.go:66:               + listeners          = {
TestTerraformCompleteExample 2022-08-04T19:06:53Z logger.go:66:                   + custom   = (known after apply)
TestTerraformCompleteExample 2022-08-04T19:06:53Z logger.go:66:                   + external = {
TestTerraformCompleteExample 2022-08-04T19:06:53Z logger.go:66:                       + authentication = {
TestTerraformCompleteExample 2022-08-04T19:06:53Z logger.go:66:                           + jaasConfig            = {
TestTerraformCompleteExample 2022-08-04T19:06:53Z logger.go:66:                               + secretRef = (known after apply)
TestTerraformCompleteExample 2022-08-04T19:06:53Z logger.go:66:                             }
TestTerraformCompleteExample 2022-08-04T19:06:53Z logger.go:66:                           + jaasConfigPassThrough = {
TestTerraformCompleteExample 2022-08-04T19:06:53Z logger.go:66:                               + directoryPathInContainer = (known after apply)
TestTerraformCompleteExample 2022-08-04T19:06:53Z logger.go:66:                               + secretRef                = (known after apply)
TestTerraformCompleteExample 2022-08-04T19:06:53Z logger.go:66:                             }
TestTerraformCompleteExample 2022-08-04T19:06:53Z logger.go:66:                           + principalMappingRules = (known after apply)
TestTerraformCompleteExample 2022-08-04T19:06:53Z logger.go:66:                           + type                  = (known after apply)
TestTerraformCompleteExample 2022-08-04T19:06:53Z logger.go:66:                         }
TestTerraformCompleteExample 2022-08-04T19:06:53Z logger.go:66:                       + externalAccess = {
TestTerraformCompleteExample 2022-08-04T19:06:53Z logger.go:66:                           + loadBalancer              = {
TestTerraformCompleteExample 2022-08-04T19:06:53Z logger.go:66:                               + advertisedPort           = (known after apply)
TestTerraformCompleteExample 2022-08-04T19:06:53Z logger.go:66:                               + annotations              = (known after apply)
TestTerraformCompleteExample 2022-08-04T19:06:53Z logger.go:66:                               + bootstrapPrefix          = (known after apply)
TestTerraformCompleteExample 2022-08-04T19:06:53Z logger.go:66:                               + brokerPrefix             = (known after apply)
TestTerraformCompleteExample 2022-08-04T19:06:53Z logger.go:66:                               + domain                   = (known after apply)
TestTerraformCompleteExample 2022-08-04T19:06:53Z logger.go:66:                               + externalTrafficPolicy    = (known after apply)
TestTerraformCompleteExample 2022-08-04T19:06:53Z logger.go:66:                               + labels                   = (known after apply)
TestTerraformCompleteExample 2022-08-04T19:06:53Z logger.go:66:                               + loadBalancerSourceRanges = (known after apply)
TestTerraformCompleteExample 2022-08-04T19:06:53Z logger.go:66:                               + servicePorts             = (known after apply)
TestTerraformCompleteExample 2022-08-04T19:06:53Z logger.go:66:                               + sessionAffinity          = (known after apply)
TestTerraformCompleteExample 2022-08-04T19:06:53Z logger.go:66:                               + sessionAffinityConfig    = {
TestTerraformCompleteExample 2022-08-04T19:06:53Z logger.go:66:                                   + clientIP = {
TestTerraformCompleteExample 2022-08-04T19:06:53Z logger.go:66:                                       + timeoutSeconds = (known after apply)
TestTerraformCompleteExample 2022-08-04T19:06:53Z logger.go:66:                                     }
TestTerraformCompleteExample 2022-08-04T19:06:53Z logger.go:66:                                 }
TestTerraformCompleteExample 2022-08-04T19:06:53Z logger.go:66:                             }
TestTerraformCompleteExample 2022-08-04T19:06:53Z logger.go:66:                           + nodePort                  = {
TestTerraformCompleteExample 2022-08-04T19:06:53Z logger.go:66:                               + advertisedURL         = {
TestTerraformCompleteExample 2022-08-04T19:06:53Z logger.go:66:                                   + enabled = (known after apply)
TestTerraformCompleteExample 2022-08-04T19:06:53Z logger.go:66:                                   + prefix  = (known after apply)
TestTerraformCompleteExample 2022-08-04T19:06:53Z logger.go:66:                                 }
TestTerraformCompleteExample 2022-08-04T19:06:53Z logger.go:66:                               + annotations           = (known after apply)
TestTerraformCompleteExample 2022-08-04T19:06:53Z logger.go:66:                               + externalTrafficPolicy = (known after apply)
TestTerraformCompleteExample 2022-08-04T19:06:53Z logger.go:66:                               + host                  = (known after apply)
TestTerraformCompleteExample 2022-08-04T19:06:53Z logger.go:66:                               + labels                = (known after apply)
TestTerraformCompleteExample 2022-08-04T19:06:53Z logger.go:66:                               + nodePortOffset        = (known after apply)
TestTerraformCompleteExample 2022-08-04T19:06:53Z logger.go:66:                               + servicePorts          = (known after apply)
TestTerraformCompleteExample 2022-08-04T19:06:53Z logger.go:66:                               + sessionAffinity       = (known after apply)
TestTerraformCompleteExample 2022-08-04T19:06:53Z logger.go:66:                               + sessionAffinityConfig = {
TestTerraformCompleteExample 2022-08-04T19:06:53Z logger.go:66:                                   + clientIP = {
TestTerraformCompleteExample 2022-08-04T19:06:53Z logger.go:66:                                       + timeoutSeconds = (known after apply)
TestTerraformCompleteExample 2022-08-04T19:06:53Z logger.go:66:                                     }
TestTerraformCompleteExample 2022-08-04T19:06:53Z logger.go:66:                                 }
TestTerraformCompleteExample 2022-08-04T19:06:53Z logger.go:66:                             }
TestTerraformCompleteExample 2022-08-04T19:06:53Z logger.go:66:                           + route                     = {
TestTerraformCompleteExample 2022-08-04T19:06:53Z logger.go:66:                               + annotations     = (known after apply)
TestTerraformCompleteExample 2022-08-04T19:06:53Z logger.go:66:                               + bootstrapPrefix = (known after apply)
TestTerraformCompleteExample 2022-08-04T19:06:53Z logger.go:66:                               + brokerPrefix    = (known after apply)
TestTerraformCompleteExample 2022-08-04T19:06:53Z logger.go:66:                               + domain          = (known after apply)
TestTerraformCompleteExample 2022-08-04T19:06:53Z logger.go:66:                               + labels          = (known after apply)
TestTerraformCompleteExample 2022-08-04T19:06:53Z logger.go:66:                               + wildcardPolicy  = (known after apply)
TestTerraformCompleteExample 2022-08-04T19:06:53Z logger.go:66:                             }
TestTerraformCompleteExample 2022-08-04T19:06:53Z logger.go:66:                           + staticForHostBasedRouting = {
TestTerraformCompleteExample 2022-08-04T19:06:53Z logger.go:66:                               + brokerPrefix = (known after apply)
TestTerraformCompleteExample 2022-08-04T19:06:53Z logger.go:66:                               + domain       = (known after apply)
TestTerraformCompleteExample 2022-08-04T19:06:53Z logger.go:66:                               + port         = (known after apply)
TestTerraformCompleteExample 2022-08-04T19:06:53Z logger.go:66:                             }
TestTerraformCompleteExample 2022-08-04T19:06:53Z logger.go:66:                           + staticForPortBasedRouting = {
TestTerraformCompleteExample 2022-08-04T19:06:53Z logger.go:66:                               + host       = (known after apply)
TestTerraformCompleteExample 2022-08-04T19:06:53Z logger.go:66:                               + portOffset = (known after apply)
TestTerraformCompleteExample 2022-08-04T19:06:53Z logger.go:66:                             }
TestTerraformCompleteExample 2022-08-04T19:06:53Z logger.go:66:                           + type                      = (known after apply)
TestTerraformCompleteExample 2022-08-04T19:06:53Z logger.go:66:                         }
TestTerraformCompleteExample 2022-08-04T19:06:53Z logger.go:66:                       + tls            = {
TestTerraformCompleteExample 2022-08-04T19:06:53Z logger.go:66:                           + directoryPathInContainer = (known after apply)
TestTerraformCompleteExample 2022-08-04T19:06:53Z logger.go:66:                           + enabled                  = (known after apply)
TestTerraformCompleteExample 2022-08-04T19:06:53Z logger.go:66:                           + ignoreTrustStoreConfig   = (known after apply)
TestTerraformCompleteExample 2022-08-04T19:06:53Z logger.go:66:                           + jksPassword              = {
TestTerraformCompleteExample 2022-08-04T19:06:53Z logger.go:66:                               + secretRef = (known after apply)
TestTerraformCompleteExample 2022-08-04T19:06:53Z logger.go:66:                             }
TestTerraformCompleteExample 2022-08-04T19:06:53Z logger.go:66:                           + secretRef                = (known after apply)
TestTerraformCompleteExample 2022-08-04T19:06:53Z logger.go:66:                         }
TestTerraformCompleteExample 2022-08-04T19:06:53Z logger.go:66:                     }
TestTerraformCompleteExample 2022-08-04T19:06:53Z logger.go:66:                   + internal = {
TestTerraformCompleteExample 2022-08-04T19:06:53Z logger.go:66:                       + authentication = {
TestTerraformCompleteExample 2022-08-04T19:06:53Z logger.go:66:                           + jaasConfig            = {
TestTerraformCompleteExample 2022-08-04T19:06:53Z logger.go:66:                               + secretRef = (known after apply)
TestTerraformCompleteExample 2022-08-04T19:06:53Z logger.go:66:                             }
TestTerraformCompleteExample 2022-08-04T19:06:53Z logger.go:66:                           + jaasConfigPassThrough = {
TestTerraformCompleteExample 2022-08-04T19:06:53Z logger.go:66:                               + directoryPathInContainer = (known after apply)
TestTerraformCompleteExample 2022-08-04T19:06:53Z logger.go:66:                               + secretRef                = (known after apply)
TestTerraformCompleteExample 2022-08-04T19:06:53Z logger.go:66:                             }
TestTerraformCompleteExample 2022-08-04T19:06:53Z logger.go:66:                           + principalMappingRules = (known after apply)
TestTerraformCompleteExample 2022-08-04T19:06:53Z logger.go:66:                           + type                  = (known after apply)
TestTerraformCompleteExample 2022-08-04T19:06:53Z logger.go:66:                         }
TestTerraformCompleteExample 2022-08-04T19:06:53Z logger.go:66:                       + tls            = {
TestTerraformCompleteExample 2022-08-04T19:06:53Z logger.go:66:                           + directoryPathInContainer = (known after apply)
TestTerraformCompleteExample 2022-08-04T19:06:53Z logger.go:66:                           + enabled                  = (known after apply)
TestTerraformCompleteExample 2022-08-04T19:06:53Z logger.go:66:                           + ignoreTrustStoreConfig   = (known after apply)
TestTerraformCompleteExample 2022-08-04T19:06:53Z logger.go:66:                           + jksPassword              = {
TestTerraformCompleteExample 2022-08-04T19:06:53Z logger.go:66:                               + secretRef = (known after apply)
TestTerraformCompleteExample 2022-08-04T19:06:53Z logger.go:66:                             }
TestTerraformCompleteExample 2022-08-04T19:06:53Z logger.go:66:                           + secretRef                = (known after apply)
TestTerraformCompleteExample 2022-08-04T19:06:53Z logger.go:66:                         }
TestTerraformCompleteExample 2022-08-04T19:06:53Z logger.go:66:                     }
TestTerraformCompleteExample 2022-08-04T19:06:53Z logger.go:66:                 }
TestTerraformCompleteExample 2022-08-04T19:06:53Z logger.go:66:               + metricReporter     = {
TestTerraformCompleteExample 2022-08-04T19:06:53Z logger.go:66:                   + authentication    = {
TestTerraformCompleteExample 2022-08-04T19:06:53Z logger.go:66:                       + jaasConfig            = {
TestTerraformCompleteExample 2022-08-04T19:06:53Z logger.go:66:                           + secretRef = (known after apply)
TestTerraformCompleteExample 2022-08-04T19:06:53Z logger.go:66:                         }
TestTerraformCompleteExample 2022-08-04T19:06:53Z logger.go:66:                       + jaasConfigPassThrough = {
TestTerraformCompleteExample 2022-08-04T19:06:53Z logger.go:66:                           + directoryPathInContainer = (known after apply)
TestTerraformCompleteExample 2022-08-04T19:06:53Z logger.go:66:                           + secretRef                = (known after apply)
TestTerraformCompleteExample 2022-08-04T19:06:53Z logger.go:66:                         }
TestTerraformCompleteExample 2022-08-04T19:06:53Z logger.go:66:                       + oauthbearer           = {
TestTerraformCompleteExample 2022-08-04T19:06:53Z logger.go:66:                           + directoryPathInContainer = (known after apply)
TestTerraformCompleteExample 2022-08-04T19:06:53Z logger.go:66:                           + secretRef                = (known after apply)
TestTerraformCompleteExample 2022-08-04T19:06:53Z logger.go:66:                         }
TestTerraformCompleteExample 2022-08-04T19:06:53Z logger.go:66:                       + type                  = (known after apply)
TestTerraformCompleteExample 2022-08-04T19:06:53Z logger.go:66:                     }
TestTerraformCompleteExample 2022-08-04T19:06:53Z logger.go:66:                   + bootstrapEndpoint = (known after apply)
TestTerraformCompleteExample 2022-08-04T19:06:53Z logger.go:66:                   + enabled           = true
TestTerraformCompleteExample 2022-08-04T19:06:53Z logger.go:66:                   + replicationFactor = (known after apply)
TestTerraformCompleteExample 2022-08-04T19:06:53Z logger.go:66:                   + tls               = {
TestTerraformCompleteExample 2022-08-04T19:06:53Z logger.go:66:                       + directoryPathInContainer = (known after apply)
TestTerraformCompleteExample 2022-08-04T19:06:53Z logger.go:66:                       + enabled                  = (known after apply)
TestTerraformCompleteExample 2022-08-04T19:06:53Z logger.go:66:                       + ignoreTrustStoreConfig   = (known after apply)
TestTerraformCompleteExample 2022-08-04T19:06:53Z logger.go:66:                       + jksPassword              = {
TestTerraformCompleteExample 2022-08-04T19:06:53Z logger.go:66:                           + secretRef = (known after apply)
TestTerraformCompleteExample 2022-08-04T19:06:53Z logger.go:66:                         }
TestTerraformCompleteExample 2022-08-04T19:06:53Z logger.go:66:                       + secretRef                = (known after apply)
TestTerraformCompleteExample 2022-08-04T19:06:53Z logger.go:66:                     }
TestTerraformCompleteExample 2022-08-04T19:06:53Z logger.go:66:                 }
TestTerraformCompleteExample 2022-08-04T19:06:53Z logger.go:66:               + metrics            = {
TestTerraformCompleteExample 2022-08-04T19:06:53Z logger.go:66:                   + authentication = {
TestTerraformCompleteExample 2022-08-04T19:06:53Z logger.go:66:                       + type = (known after apply)
TestTerraformCompleteExample 2022-08-04T19:06:53Z logger.go:66:                     }
TestTerraformCompleteExample 2022-08-04T19:06:53Z logger.go:66:                   + prometheus     = {
TestTerraformCompleteExample 2022-08-04T19:06:53Z logger.go:66:                       + blacklist = (known after apply)
TestTerraformCompleteExample 2022-08-04T19:06:53Z logger.go:66:                       + rules     = (known after apply)
TestTerraformCompleteExample 2022-08-04T19:06:53Z logger.go:66:                       + whitelist = (known after apply)
TestTerraformCompleteExample 2022-08-04T19:06:53Z logger.go:66:                     }
TestTerraformCompleteExample 2022-08-04T19:06:53Z logger.go:66:                   + tls            = {
TestTerraformCompleteExample 2022-08-04T19:06:53Z logger.go:66:                       + directoryPathInContainer = (known after apply)
TestTerraformCompleteExample 2022-08-04T19:06:53Z logger.go:66:                       + enabled                  = (known after apply)
TestTerraformCompleteExample 2022-08-04T19:06:53Z logger.go:66:                       + ignoreTrustStoreConfig   = (known after apply)
TestTerraformCompleteExample 2022-08-04T19:06:53Z logger.go:66:                       + jksPassword              = {
TestTerraformCompleteExample 2022-08-04T19:06:53Z logger.go:66:                           + secretRef = (known after apply)
TestTerraformCompleteExample 2022-08-04T19:06:53Z logger.go:66:                         }
TestTerraformCompleteExample 2022-08-04T19:06:53Z logger.go:66:                       + secretRef                = (known after apply)
TestTerraformCompleteExample 2022-08-04T19:06:53Z logger.go:66:                     }
TestTerraformCompleteExample 2022-08-04T19:06:53Z logger.go:66:                 }
TestTerraformCompleteExample 2022-08-04T19:06:53Z logger.go:66:               + mountedSecrets     = (known after apply)
TestTerraformCompleteExample 2022-08-04T19:06:53Z logger.go:66:               + mountedVolumes     = {
TestTerraformCompleteExample 2022-08-04T19:06:53Z logger.go:66:                   + volumeMounts = (known after apply)
TestTerraformCompleteExample 2022-08-04T19:06:53Z logger.go:66:                   + volumes      = (known after apply)
TestTerraformCompleteExample 2022-08-04T19:06:53Z logger.go:66:                 }
TestTerraformCompleteExample 2022-08-04T19:06:53Z logger.go:66:               + oneReplicaPerNode  = (known after apply)
TestTerraformCompleteExample 2022-08-04T19:06:53Z logger.go:66:               + passwordEncoder    = {
TestTerraformCompleteExample 2022-08-04T19:06:53Z logger.go:66:                   + directoryPathInContainer = (known after apply)
TestTerraformCompleteExample 2022-08-04T19:06:53Z logger.go:66:                   + secretRef                = (known after apply)
TestTerraformCompleteExample 2022-08-04T19:06:53Z logger.go:66:                 }
TestTerraformCompleteExample 2022-08-04T19:06:53Z logger.go:66:               + podTemplate        = {
TestTerraformCompleteExample 2022-08-04T19:06:53Z logger.go:66:                   + affinity                      = {
TestTerraformCompleteExample 2022-08-04T19:06:53Z logger.go:66:                       + nodeAffinity    = {
TestTerraformCompleteExample 2022-08-04T19:06:53Z logger.go:66:                           + preferredDuringSchedulingIgnoredDuringExecution = (known after apply)
TestTerraformCompleteExample 2022-08-04T19:06:53Z logger.go:66:                           + requiredDuringSchedulingIgnoredDuringExecution  = {
TestTerraformCompleteExample 2022-08-04T19:06:53Z logger.go:66:                               + nodeSelectorTerms = (known after apply)
TestTerraformCompleteExample 2022-08-04T19:06:53Z logger.go:66:                             }
TestTerraformCompleteExample 2022-08-04T19:06:53Z logger.go:66:                         }
TestTerraformCompleteExample 2022-08-04T19:06:53Z logger.go:66:                       + podAffinity     = {
TestTerraformCompleteExample 2022-08-04T19:06:53Z logger.go:66:                           + preferredDuringSchedulingIgnoredDuringExecution = (known after apply)
TestTerraformCompleteExample 2022-08-04T19:06:53Z logger.go:66:                           + requiredDuringSchedulingIgnoredDuringExecution  = (known after apply)
TestTerraformCompleteExample 2022-08-04T19:06:53Z logger.go:66:                         }
TestTerraformCompleteExample 2022-08-04T19:06:53Z logger.go:66:                       + podAntiAffinity = {
TestTerraformCompleteExample 2022-08-04T19:06:53Z logger.go:66:                           + preferredDuringSchedulingIgnoredDuringExecution = (known after apply)
TestTerraformCompleteExample 2022-08-04T19:06:53Z logger.go:66:                           + requiredDuringSchedulingIgnoredDuringExecution  = (known after apply)
TestTerraformCompleteExample 2022-08-04T19:06:53Z logger.go:66:                         }
TestTerraformCompleteExample 2022-08-04T19:06:53Z logger.go:66:                     }
TestTerraformCompleteExample 2022-08-04T19:06:53Z logger.go:66:                   + annotations                   = (known after apply)
TestTerraformCompleteExample 2022-08-04T19:06:53Z logger.go:66:                   + envVars                       = (known after apply)
TestTerraformCompleteExample 2022-08-04T19:06:53Z logger.go:66:                   + labels                        = (known after apply)
TestTerraformCompleteExample 2022-08-04T19:06:53Z logger.go:66:                   + podSecurityContext            = {
TestTerraformCompleteExample 2022-08-04T19:06:53Z logger.go:66:                       + fsGroup             = (known after apply)
TestTerraformCompleteExample 2022-08-04T19:06:53Z logger.go:66:                       + fsGroupChangePolicy = (known after apply)
TestTerraformCompleteExample 2022-08-04T19:06:53Z logger.go:66:                       + runAsGroup          = (known after apply)
TestTerraformCompleteExample 2022-08-04T19:06:53Z logger.go:66:                       + runAsNonRoot        = (known after apply)
TestTerraformCompleteExample 2022-08-04T19:06:53Z logger.go:66:                       + runAsUser           = (known after apply)
TestTerraformCompleteExample 2022-08-04T19:06:53Z logger.go:66:                       + seLinuxOptions      = {
TestTerraformCompleteExample 2022-08-04T19:06:53Z logger.go:66:                           + level = (known after apply)
TestTerraformCompleteExample 2022-08-04T19:06:53Z logger.go:66:                           + role  = (known after apply)
TestTerraformCompleteExample 2022-08-04T19:06:53Z logger.go:66:                           + type  = (known after apply)
TestTerraformCompleteExample 2022-08-04T19:06:53Z logger.go:66:                           + user  = (known after apply)
TestTerraformCompleteExample 2022-08-04T19:06:53Z logger.go:66:                         }
TestTerraformCompleteExample 2022-08-04T19:06:53Z logger.go:66:                       + seccompProfile      = {
TestTerraformCompleteExample 2022-08-04T19:06:53Z logger.go:66:                           + localhostProfile = (known after apply)
TestTerraformCompleteExample 2022-08-04T19:06:53Z logger.go:66:                           + type             = (known after apply)
TestTerraformCompleteExample 2022-08-04T19:06:53Z logger.go:66:                         }
TestTerraformCompleteExample 2022-08-04T19:06:53Z logger.go:66:                       + supplementalGroups  = (known after apply)
TestTerraformCompleteExample 2022-08-04T19:06:53Z logger.go:66:                       + sysctls             = (known after apply)
TestTerraformCompleteExample 2022-08-04T19:06:53Z logger.go:66:                       + windowsOptions      = {
TestTerraformCompleteExample 2022-08-04T19:06:53Z logger.go:66:                           + gmsaCredentialSpec     = (known after apply)
TestTerraformCompleteExample 2022-08-04T19:06:53Z logger.go:66:                           + gmsaCredentialSpecName = (known after apply)
TestTerraformCompleteExample 2022-08-04T19:06:53Z logger.go:66:                           + hostProcess            = (known after apply)
TestTerraformCompleteExample 2022-08-04T19:06:53Z logger.go:66:                           + runAsUserName          = (known after apply)
TestTerraformCompleteExample 2022-08-04T19:06:53Z logger.go:66:                         }
TestTerraformCompleteExample 2022-08-04T19:06:53Z logger.go:66:                     }
TestTerraformCompleteExample 2022-08-04T19:06:53Z logger.go:66:                   + priorityClassName             = (known after apply)
TestTerraformCompleteExample 2022-08-04T19:06:53Z logger.go:66:                   + probe                         = {
TestTerraformCompleteExample 2022-08-04T19:06:53Z logger.go:66:                       + liveness  = {
TestTerraformCompleteExample 2022-08-04T19:06:53Z logger.go:66:                           + failureThreshold    = (known after apply)
TestTerraformCompleteExample 2022-08-04T19:06:53Z logger.go:66:                           + initialDelaySeconds = (known after apply)
TestTerraformCompleteExample 2022-08-04T19:06:53Z logger.go:66:                           + periodSeconds       = (known after apply)
TestTerraformCompleteExample 2022-08-04T19:06:53Z logger.go:66:                           + successThreshold    = (known after apply)
TestTerraformCompleteExample 2022-08-04T19:06:53Z logger.go:66:                           + timeoutSeconds      = (known after apply)
TestTerraformCompleteExample 2022-08-04T19:06:53Z logger.go:66:                         }
TestTerraformCompleteExample 2022-08-04T19:06:53Z logger.go:66:                       + readiness = {
TestTerraformCompleteExample 2022-08-04T19:06:53Z logger.go:66:                           + failureThreshold    = (known after apply)
TestTerraformCompleteExample 2022-08-04T19:06:53Z logger.go:66:                           + initialDelaySeconds = (known after apply)
TestTerraformCompleteExample 2022-08-04T19:06:53Z logger.go:66:                           + periodSeconds       = (known after apply)
TestTerraformCompleteExample 2022-08-04T19:06:53Z logger.go:66:                           + successThreshold    = (known after apply)
TestTerraformCompleteExample 2022-08-04T19:06:53Z logger.go:66:                           + timeoutSeconds      = (known after apply)
TestTerraformCompleteExample 2022-08-04T19:06:53Z logger.go:66:                         }
TestTerraformCompleteExample 2022-08-04T19:06:53Z logger.go:66:                     }
TestTerraformCompleteExample 2022-08-04T19:06:53Z logger.go:66:                   + resources                     = {
TestTerraformCompleteExample 2022-08-04T19:06:53Z logger.go:66:                       + limits   = (known after apply)
TestTerraformCompleteExample 2022-08-04T19:06:53Z logger.go:66:                       + requests = (known after apply)
TestTerraformCompleteExample 2022-08-04T19:06:53Z logger.go:66:                     }
TestTerraformCompleteExample 2022-08-04T19:06:53Z logger.go:66:                   + securityContext               = {
TestTerraformCompleteExample 2022-08-04T19:06:53Z logger.go:66:                       + allowPrivilegeEscalation = (known after apply)
TestTerraformCompleteExample 2022-08-04T19:06:53Z logger.go:66:                       + capabilities             = {
TestTerraformCompleteExample 2022-08-04T19:06:53Z logger.go:66:                           + add  = (known after apply)
TestTerraformCompleteExample 2022-08-04T19:06:53Z logger.go:66:                           + drop = (known after apply)
TestTerraformCompleteExample 2022-08-04T19:06:53Z logger.go:66:                         }
TestTerraformCompleteExample 2022-08-04T19:06:53Z logger.go:66:                       + privileged               = (known after apply)
TestTerraformCompleteExample 2022-08-04T19:06:53Z logger.go:66:                       + procMount                = (known after apply)
TestTerraformCompleteExample 2022-08-04T19:06:53Z logger.go:66:                       + readOnlyRootFilesystem   = (known after apply)
TestTerraformCompleteExample 2022-08-04T19:06:53Z logger.go:66:                       + runAsGroup               = (known after apply)
TestTerraformCompleteExample 2022-08-04T19:06:53Z logger.go:66:                       + runAsNonRoot             = (known after apply)
TestTerraformCompleteExample 2022-08-04T19:06:53Z logger.go:66:                       + runAsUser                = (known after apply)
TestTerraformCompleteExample 2022-08-04T19:06:53Z logger.go:66:                       + seLinuxOptions           = {
TestTerraformCompleteExample 2022-08-04T19:06:53Z logger.go:66:                           + level = (known after apply)
TestTerraformCompleteExample 2022-08-04T19:06:53Z logger.go:66:                           + role  = (known after apply)
TestTerraformCompleteExample 2022-08-04T19:06:53Z logger.go:66:                           + type  = (known after apply)
TestTerraformCompleteExample 2022-08-04T19:06:53Z logger.go:66:                           + user  = (known after apply)
TestTerraformCompleteExample 2022-08-04T19:06:53Z logger.go:66:                         }
TestTerraformCompleteExample 2022-08-04T19:06:53Z logger.go:66:                       + seccompProfile           = {
TestTerraformCompleteExample 2022-08-04T19:06:53Z logger.go:66:                           + localhostProfile = (known after apply)
TestTerraformCompleteExample 2022-08-04T19:06:53Z logger.go:66:                           + type             = (known after apply)
TestTerraformCompleteExample 2022-08-04T19:06:53Z logger.go:66:                         }
TestTerraformCompleteExample 2022-08-04T19:06:53Z logger.go:66:                       + windowsOptions           = {
TestTerraformCompleteExample 2022-08-04T19:06:53Z logger.go:66:                           + gmsaCredentialSpec     = (known after apply)
TestTerraformCompleteExample 2022-08-04T19:06:53Z logger.go:66:                           + gmsaCredentialSpecName = (known after apply)
TestTerraformCompleteExample 2022-08-04T19:06:53Z logger.go:66:                           + hostProcess            = (known after apply)
TestTerraformCompleteExample 2022-08-04T19:06:53Z logger.go:66:                           + runAsUserName          = (known after apply)
TestTerraformCompleteExample 2022-08-04T19:06:53Z logger.go:66:                         }
TestTerraformCompleteExample 2022-08-04T19:06:53Z logger.go:66:                     }
TestTerraformCompleteExample 2022-08-04T19:06:53Z logger.go:66:                   + serviceAccountName            = (known after apply)
TestTerraformCompleteExample 2022-08-04T19:06:53Z logger.go:66:                   + terminationGracePeriodSeconds = (known after apply)
TestTerraformCompleteExample 2022-08-04T19:06:53Z logger.go:66:                   + tolerations                   = (known after apply)
TestTerraformCompleteExample 2022-08-04T19:06:53Z logger.go:66:                   + topologySpreadConstraints     = (known after apply)
TestTerraformCompleteExample 2022-08-04T19:06:53Z logger.go:66:                 }
TestTerraformCompleteExample 2022-08-04T19:06:53Z logger.go:66:               + rackAssignment     = {
TestTerraformCompleteExample 2022-08-04T19:06:53Z logger.go:66:                   + availabilityZoneCount = (known after apply)
TestTerraformCompleteExample 2022-08-04T19:06:53Z logger.go:66:                   + nodeLabels            = (known after apply)
TestTerraformCompleteExample 2022-08-04T19:06:53Z logger.go:66:                 }
TestTerraformCompleteExample 2022-08-04T19:06:53Z logger.go:66:               + replicas           = 3
TestTerraformCompleteExample 2022-08-04T19:06:53Z logger.go:66:               + services           = {
TestTerraformCompleteExample 2022-08-04T19:06:53Z logger.go:66:                   + kafkaRest = {
TestTerraformCompleteExample 2022-08-04T19:06:53Z logger.go:66:                       + authentication = {
TestTerraformCompleteExample 2022-08-04T19:06:53Z logger.go:66:                           + basic = {
TestTerraformCompleteExample 2022-08-04T19:06:53Z logger.go:66:                               + debug                    = (known after apply)
TestTerraformCompleteExample 2022-08-04T19:06:53Z logger.go:66:                               + directoryPathInContainer = (known after apply)
TestTerraformCompleteExample 2022-08-04T19:06:53Z logger.go:66:                               + restrictedRoles          = (known after apply)
TestTerraformCompleteExample 2022-08-04T19:06:53Z logger.go:66:                               + roles                    = (known after apply)
TestTerraformCompleteExample 2022-08-04T19:06:53Z logger.go:66:                               + secretRef                = (known after apply)
TestTerraformCompleteExample 2022-08-04T19:06:53Z logger.go:66:                             }
TestTerraformCompleteExample 2022-08-04T19:06:53Z logger.go:66:                           + type  = (known after apply)
TestTerraformCompleteExample 2022-08-04T19:06:53Z logger.go:66:                         }
TestTerraformCompleteExample 2022-08-04T19:06:53Z logger.go:66:                       + externalAccess = {
TestTerraformCompleteExample 2022-08-04T19:06:53Z logger.go:66:                           + loadBalancer = {
TestTerraformCompleteExample 2022-08-04T19:06:53Z logger.go:66:                               + advertisedURL            = {
TestTerraformCompleteExample 2022-08-04T19:06:53Z logger.go:66:                                   + enabled = (known after apply)
TestTerraformCompleteExample 2022-08-04T19:06:53Z logger.go:66:                                   + prefix  = (known after apply)
TestTerraformCompleteExample 2022-08-04T19:06:53Z logger.go:66:                                 }
TestTerraformCompleteExample 2022-08-04T19:06:53Z logger.go:66:                               + annotations              = (known after apply)
TestTerraformCompleteExample 2022-08-04T19:06:53Z logger.go:66:                               + domain                   = (known after apply)
TestTerraformCompleteExample 2022-08-04T19:06:53Z logger.go:66:                               + externalTrafficPolicy    = (known after apply)
TestTerraformCompleteExample 2022-08-04T19:06:53Z logger.go:66:                               + labels                   = (known after apply)
TestTerraformCompleteExample 2022-08-04T19:06:53Z logger.go:66:                               + loadBalancerSourceRanges = (known after apply)
TestTerraformCompleteExample 2022-08-04T19:06:53Z logger.go:66:                               + port                     = (known after apply)
TestTerraformCompleteExample 2022-08-04T19:06:53Z logger.go:66:                               + prefix                   = (known after apply)
TestTerraformCompleteExample 2022-08-04T19:06:53Z logger.go:66:                               + servicePorts             = (known after apply)
TestTerraformCompleteExample 2022-08-04T19:06:53Z logger.go:66:                               + sessionAffinity          = (known after apply)
TestTerraformCompleteExample 2022-08-04T19:06:53Z logger.go:66:                               + sessionAffinityConfig    = {
TestTerraformCompleteExample 2022-08-04T19:06:53Z logger.go:66:                                   + clientIP = {
TestTerraformCompleteExample 2022-08-04T19:06:53Z logger.go:66:                                       + timeoutSeconds = (known after apply)
TestTerraformCompleteExample 2022-08-04T19:06:53Z logger.go:66:                                     }
TestTerraformCompleteExample 2022-08-04T19:06:53Z logger.go:66:                                 }
TestTerraformCompleteExample 2022-08-04T19:06:53Z logger.go:66:                             }
TestTerraformCompleteExample 2022-08-04T19:06:53Z logger.go:66:                           + nodePort     = {
TestTerraformCompleteExample 2022-08-04T19:06:53Z logger.go:66:                               + advertisedURL         = {
TestTerraformCompleteExample 2022-08-04T19:06:53Z logger.go:66:                                   + enabled = (known after apply)
TestTerraformCompleteExample 2022-08-04T19:06:53Z logger.go:66:                                   + prefix  = (known after apply)
TestTerraformCompleteExample 2022-08-04T19:06:53Z logger.go:66:                                 }
TestTerraformCompleteExample 2022-08-04T19:06:53Z logger.go:66:                               + annotations           = (known after apply)
TestTerraformCompleteExample 2022-08-04T19:06:53Z logger.go:66:                               + externalTrafficPolicy = (known after apply)
TestTerraformCompleteExample 2022-08-04T19:06:53Z logger.go:66:                               + host                  = (known after apply)
TestTerraformCompleteExample 2022-08-04T19:06:53Z logger.go:66:                               + labels                = (known after apply)
TestTerraformCompleteExample 2022-08-04T19:06:53Z logger.go:66:                               + nodePortOffset        = (known after apply)
TestTerraformCompleteExample 2022-08-04T19:06:53Z logger.go:66:                               + servicePorts          = (known after apply)
TestTerraformCompleteExample 2022-08-04T19:06:53Z logger.go:66:                               + sessionAffinity       = (known after apply)
TestTerraformCompleteExample 2022-08-04T19:06:53Z logger.go:66:                               + sessionAffinityConfig = {
TestTerraformCompleteExample 2022-08-04T19:06:53Z logger.go:66:                                   + clientIP = {
TestTerraformCompleteExample 2022-08-04T19:06:53Z logger.go:66:                                       + timeoutSeconds = (known after apply)
TestTerraformCompleteExample 2022-08-04T19:06:53Z logger.go:66:                                     }
TestTerraformCompleteExample 2022-08-04T19:06:53Z logger.go:66:                                 }
TestTerraformCompleteExample 2022-08-04T19:06:53Z logger.go:66:                             }
TestTerraformCompleteExample 2022-08-04T19:06:53Z logger.go:66:                           + route        = {
TestTerraformCompleteExample 2022-08-04T19:06:53Z logger.go:66:                               + annotations    = (known after apply)
TestTerraformCompleteExample 2022-08-04T19:06:53Z logger.go:66:                               + domain         = (known after apply)
TestTerraformCompleteExample 2022-08-04T19:06:53Z logger.go:66:                               + labels         = (known after apply)
TestTerraformCompleteExample 2022-08-04T19:06:53Z logger.go:66:                               + prefix         = (known after apply)
TestTerraformCompleteExample 2022-08-04T19:06:53Z logger.go:66:                               + wildcardPolicy = (known after apply)
TestTerraformCompleteExample 2022-08-04T19:06:53Z logger.go:66:                             }
TestTerraformCompleteExample 2022-08-04T19:06:53Z logger.go:66:                           + type         = (known after apply)
TestTerraformCompleteExample 2022-08-04T19:06:53Z logger.go:66:                         }
TestTerraformCompleteExample 2022-08-04T19:06:53Z logger.go:66:                       + tls            = {
TestTerraformCompleteExample 2022-08-04T19:06:53Z logger.go:66:                           + directoryPathInContainer = (known after apply)
TestTerraformCompleteExample 2022-08-04T19:06:53Z logger.go:66:                           + enabled                  = (known after apply)
TestTerraformCompleteExample 2022-08-04T19:06:53Z logger.go:66:                           + ignoreTrustStoreConfig   = (known after apply)
TestTerraformCompleteExample 2022-08-04T19:06:53Z logger.go:66:                           + jksPassword              = {
TestTerraformCompleteExample 2022-08-04T19:06:53Z logger.go:66:                               + secretRef = (known after apply)
TestTerraformCompleteExample 2022-08-04T19:06:53Z logger.go:66:                             }
TestTerraformCompleteExample 2022-08-04T19:06:53Z logger.go:66:                           + secretRef                = (known after apply)
TestTerraformCompleteExample 2022-08-04T19:06:53Z logger.go:66:                         }
TestTerraformCompleteExample 2022-08-04T19:06:53Z logger.go:66:                     }
TestTerraformCompleteExample 2022-08-04T19:06:53Z logger.go:66:                   + mds       = {
TestTerraformCompleteExample 2022-08-04T19:06:53Z logger.go:66:                       + authentication = {
TestTerraformCompleteExample 2022-08-04T19:06:53Z logger.go:66:                           + type = (known after apply)
TestTerraformCompleteExample 2022-08-04T19:06:53Z logger.go:66:                         }
TestTerraformCompleteExample 2022-08-04T19:06:53Z logger.go:66:                       + externalAccess = {
TestTerraformCompleteExample 2022-08-04T19:06:53Z logger.go:66:                           + loadBalancer = {
TestTerraformCompleteExample 2022-08-04T19:06:53Z logger.go:66:                               + advertisedURL            = {
TestTerraformCompleteExample 2022-08-04T19:06:53Z logger.go:66:                                   + enabled = (known after apply)
TestTerraformCompleteExample 2022-08-04T19:06:53Z logger.go:66:                                   + prefix  = (known after apply)
TestTerraformCompleteExample 2022-08-04T19:06:53Z logger.go:66:                                 }
TestTerraformCompleteExample 2022-08-04T19:06:53Z logger.go:66:                               + annotations              = (known after apply)
TestTerraformCompleteExample 2022-08-04T19:06:53Z logger.go:66:                               + domain                   = (known after apply)
TestTerraformCompleteExample 2022-08-04T19:06:53Z logger.go:66:                               + externalTrafficPolicy    = (known after apply)
TestTerraformCompleteExample 2022-08-04T19:06:53Z logger.go:66:                               + labels                   = (known after apply)
TestTerraformCompleteExample 2022-08-04T19:06:53Z logger.go:66:                               + loadBalancerSourceRanges = (known after apply)
TestTerraformCompleteExample 2022-08-04T19:06:53Z logger.go:66:                               + port                     = (known after apply)
TestTerraformCompleteExample 2022-08-04T19:06:53Z logger.go:66:                               + prefix                   = (known after apply)
TestTerraformCompleteExample 2022-08-04T19:06:53Z logger.go:66:                               + servicePorts             = (known after apply)
TestTerraformCompleteExample 2022-08-04T19:06:53Z logger.go:66:                               + sessionAffinity          = (known after apply)
TestTerraformCompleteExample 2022-08-04T19:06:53Z logger.go:66:                               + sessionAffinityConfig    = {
TestTerraformCompleteExample 2022-08-04T19:06:53Z logger.go:66:                                   + clientIP = {
TestTerraformCompleteExample 2022-08-04T19:06:53Z logger.go:66:                                       + timeoutSeconds = (known after apply)
TestTerraformCompleteExample 2022-08-04T19:06:53Z logger.go:66:                                     }
TestTerraformCompleteExample 2022-08-04T19:06:53Z logger.go:66:                                 }
TestTerraformCompleteExample 2022-08-04T19:06:53Z logger.go:66:                             }
TestTerraformCompleteExample 2022-08-04T19:06:53Z logger.go:66:                           + nodePort     = {
TestTerraformCompleteExample 2022-08-04T19:06:53Z logger.go:66:                               + advertisedURL         = {
TestTerraformCompleteExample 2022-08-04T19:06:53Z logger.go:66:                                   + enabled = (known after apply)
TestTerraformCompleteExample 2022-08-04T19:06:53Z logger.go:66:                                   + prefix  = (known after apply)
TestTerraformCompleteExample 2022-08-04T19:06:53Z logger.go:66:                                 }
TestTerraformCompleteExample 2022-08-04T19:06:53Z logger.go:66:                               + annotations           = (known after apply)
TestTerraformCompleteExample 2022-08-04T19:06:53Z logger.go:66:                               + externalTrafficPolicy = (known after apply)
TestTerraformCompleteExample 2022-08-04T19:06:53Z logger.go:66:                               + host                  = (known after apply)
TestTerraformCompleteExample 2022-08-04T19:06:53Z logger.go:66:                               + labels                = (known after apply)
TestTerraformCompleteExample 2022-08-04T19:06:53Z logger.go:66:                               + nodePortOffset        = (known after apply)
TestTerraformCompleteExample 2022-08-04T19:06:53Z logger.go:66:                               + servicePorts          = (known after apply)
TestTerraformCompleteExample 2022-08-04T19:06:53Z logger.go:66:                               + sessionAffinity       = (known after apply)
TestTerraformCompleteExample 2022-08-04T19:06:53Z logger.go:66:                               + sessionAffinityConfig = {
TestTerraformCompleteExample 2022-08-04T19:06:53Z logger.go:66:                                   + clientIP = {
TestTerraformCompleteExample 2022-08-04T19:06:53Z logger.go:66:                                       + timeoutSeconds = (known after apply)
TestTerraformCompleteExample 2022-08-04T19:06:53Z logger.go:66:                                     }
TestTerraformCompleteExample 2022-08-04T19:06:53Z logger.go:66:                                 }
TestTerraformCompleteExample 2022-08-04T19:06:53Z logger.go:66:                             }
TestTerraformCompleteExample 2022-08-04T19:06:53Z logger.go:66:                           + route        = {
TestTerraformCompleteExample 2022-08-04T19:06:53Z logger.go:66:                               + annotations    = (known after apply)
TestTerraformCompleteExample 2022-08-04T19:06:53Z logger.go:66:                               + domain         = (known after apply)
TestTerraformCompleteExample 2022-08-04T19:06:53Z logger.go:66:                               + labels         = (known after apply)
TestTerraformCompleteExample 2022-08-04T19:06:53Z logger.go:66:                               + prefix         = (known after apply)
TestTerraformCompleteExample 2022-08-04T19:06:53Z logger.go:66:                               + wildcardPolicy = (known after apply)
TestTerraformCompleteExample 2022-08-04T19:06:53Z logger.go:66:                             }
TestTerraformCompleteExample 2022-08-04T19:06:53Z logger.go:66:                           + type         = (known after apply)
TestTerraformCompleteExample 2022-08-04T19:06:53Z logger.go:66:                         }
TestTerraformCompleteExample 2022-08-04T19:06:53Z logger.go:66:                       + provider       = {
TestTerraformCompleteExample 2022-08-04T19:06:53Z logger.go:66:                           + ldap = {
TestTerraformCompleteExample 2022-08-04T19:06:53Z logger.go:66:                               + address        = (known after apply)
TestTerraformCompleteExample 2022-08-04T19:06:53Z logger.go:66:                               + authentication = {
TestTerraformCompleteExample 2022-08-04T19:06:53Z logger.go:66:                                   + simple = {
TestTerraformCompleteExample 2022-08-04T19:06:53Z logger.go:66:                                       + directoryPathInContainer = (known after apply)
TestTerraformCompleteExample 2022-08-04T19:06:53Z logger.go:66:                                       + secretRef                = (known after apply)
TestTerraformCompleteExample 2022-08-04T19:06:53Z logger.go:66:                                     }
TestTerraformCompleteExample 2022-08-04T19:06:53Z logger.go:66:                                   + type   = (known after apply)
TestTerraformCompleteExample 2022-08-04T19:06:53Z logger.go:66:                                 }
TestTerraformCompleteExample 2022-08-04T19:06:53Z logger.go:66:                               + configurations = {
TestTerraformCompleteExample 2022-08-04T19:06:53Z logger.go:66:                                   + groupMemberAttribute         = (known after apply)
TestTerraformCompleteExample 2022-08-04T19:06:53Z logger.go:66:                                   + groupMemberAttributePattern  = (known after apply)
TestTerraformCompleteExample 2022-08-04T19:06:53Z logger.go:66:                                   + groupNameAttribute           = (known after apply)
TestTerraformCompleteExample 2022-08-04T19:06:53Z logger.go:66:                                   + groupObjectClass             = (known after apply)
TestTerraformCompleteExample 2022-08-04T19:06:53Z logger.go:66:                                   + groupSearchBase              = (known after apply)
TestTerraformCompleteExample 2022-08-04T19:06:53Z logger.go:66:                                   + groupSearchFilter            = (known after apply)
TestTerraformCompleteExample 2022-08-04T19:06:53Z logger.go:66:                                   + groupSearchScope             = (known after apply)
TestTerraformCompleteExample 2022-08-04T19:06:53Z logger.go:66:                                   + userMemberOfAttributePattern = (known after apply)
TestTerraformCompleteExample 2022-08-04T19:06:53Z logger.go:66:                                   + userNameAttribute            = (known after apply)
TestTerraformCompleteExample 2022-08-04T19:06:53Z logger.go:66:                                   + userObjectClass              = (known after apply)
TestTerraformCompleteExample 2022-08-04T19:06:53Z logger.go:66:                                   + userSearchBase               = (known after apply)
TestTerraformCompleteExample 2022-08-04T19:06:53Z logger.go:66:                                   + userSearchFilter             = (known after apply)
TestTerraformCompleteExample 2022-08-04T19:06:53Z logger.go:66:                                   + userSearchScope              = (known after apply)
TestTerraformCompleteExample 2022-08-04T19:06:53Z logger.go:66:                                 }
TestTerraformCompleteExample 2022-08-04T19:06:53Z logger.go:66:                               + tls            = {
TestTerraformCompleteExample 2022-08-04T19:06:53Z logger.go:66:                                   + directoryPathInContainer = (known after apply)
TestTerraformCompleteExample 2022-08-04T19:06:53Z logger.go:66:                                   + enabled                  = (known after apply)
TestTerraformCompleteExample 2022-08-04T19:06:53Z logger.go:66:                                   + ignoreTrustStoreConfig   = (known after apply)
TestTerraformCompleteExample 2022-08-04T19:06:53Z logger.go:66:                                   + jksPassword              = {
TestTerraformCompleteExample 2022-08-04T19:06:53Z logger.go:66:                                       + secretRef = (known after apply)
TestTerraformCompleteExample 2022-08-04T19:06:53Z logger.go:66:                                     }
TestTerraformCompleteExample 2022-08-04T19:06:53Z logger.go:66:                                   + secretRef                = (known after apply)
TestTerraformCompleteExample 2022-08-04T19:06:53Z logger.go:66:                                 }
TestTerraformCompleteExample 2022-08-04T19:06:53Z logger.go:66:                             }
TestTerraformCompleteExample 2022-08-04T19:06:53Z logger.go:66:                           + type = (known after apply)
TestTerraformCompleteExample 2022-08-04T19:06:53Z logger.go:66:                         }
TestTerraformCompleteExample 2022-08-04T19:06:53Z logger.go:66:                       + tls            = {
TestTerraformCompleteExample 2022-08-04T19:06:53Z logger.go:66:                           + directoryPathInContainer = (known after apply)
TestTerraformCompleteExample 2022-08-04T19:06:53Z logger.go:66:                           + enabled                  = (known after apply)
TestTerraformCompleteExample 2022-08-04T19:06:53Z logger.go:66:                           + ignoreTrustStoreConfig   = (known after apply)
TestTerraformCompleteExample 2022-08-04T19:06:53Z logger.go:66:                           + jksPassword              = {
TestTerraformCompleteExample 2022-08-04T19:06:53Z logger.go:66:                               + secretRef = (known after apply)
TestTerraformCompleteExample 2022-08-04T19:06:53Z logger.go:66:                             }
TestTerraformCompleteExample 2022-08-04T19:06:53Z logger.go:66:                           + secretRef                = (known after apply)
TestTerraformCompleteExample 2022-08-04T19:06:53Z logger.go:66:                         }
TestTerraformCompleteExample 2022-08-04T19:06:53Z logger.go:66:                       + tokenKeyPair   = {
TestTerraformCompleteExample 2022-08-04T19:06:53Z logger.go:66:                           + directoryPathInContainer = (known after apply)
TestTerraformCompleteExample 2022-08-04T19:06:53Z logger.go:66:                           + secretRef                = (known after apply)
TestTerraformCompleteExample 2022-08-04T19:06:53Z logger.go:66:                         }
TestTerraformCompleteExample 2022-08-04T19:06:53Z logger.go:66:                     }
TestTerraformCompleteExample 2022-08-04T19:06:53Z logger.go:66:                 }
TestTerraformCompleteExample 2022-08-04T19:06:53Z logger.go:66:               + storageClass       = {
TestTerraformCompleteExample 2022-08-04T19:06:53Z logger.go:66:                   + name = (known after apply)
TestTerraformCompleteExample 2022-08-04T19:06:53Z logger.go:66:                 }
TestTerraformCompleteExample 2022-08-04T19:06:53Z logger.go:66:               + telemetry          = {
TestTerraformCompleteExample 2022-08-04T19:06:53Z logger.go:66:                   + global = (known after apply)
TestTerraformCompleteExample 2022-08-04T19:06:53Z logger.go:66:                 }
TestTerraformCompleteExample 2022-08-04T19:06:53Z logger.go:66:               + tls                = {
TestTerraformCompleteExample 2022-08-04T19:06:53Z logger.go:66:                   + autoGeneratedCerts       = (known after apply)
TestTerraformCompleteExample 2022-08-04T19:06:53Z logger.go:66:                   + directoryPathInContainer = (known after apply)
TestTerraformCompleteExample 2022-08-04T19:06:53Z logger.go:66:                   + ignoreTrustStoreConfig   = (known after apply)
TestTerraformCompleteExample 2022-08-04T19:06:53Z logger.go:66:                   + jksPassword              = {
TestTerraformCompleteExample 2022-08-04T19:06:53Z logger.go:66:                       + secretRef = (known after apply)
TestTerraformCompleteExample 2022-08-04T19:06:53Z logger.go:66:                     }
TestTerraformCompleteExample 2022-08-04T19:06:53Z logger.go:66:                   + secretRef                = (known after apply)
TestTerraformCompleteExample 2022-08-04T19:06:53Z logger.go:66:                 }
TestTerraformCompleteExample 2022-08-04T19:06:53Z logger.go:66:             }
TestTerraformCompleteExample 2022-08-04T19:06:53Z logger.go:66:         }
TestTerraformCompleteExample 2022-08-04T19:06:53Z logger.go:66:
TestTerraformCompleteExample 2022-08-04T19:06:53Z logger.go:66:       + timeouts {
TestTerraformCompleteExample 2022-08-04T19:06:53Z logger.go:66:           + create = "1h"
TestTerraformCompleteExample 2022-08-04T19:06:53Z logger.go:66:           + delete = "10m"
TestTerraformCompleteExample 2022-08-04T19:06:53Z logger.go:66:           + update = "1h"
TestTerraformCompleteExample 2022-08-04T19:06:53Z logger.go:66:         }
TestTerraformCompleteExample 2022-08-04T19:06:53Z logger.go:66:
TestTerraformCompleteExample 2022-08-04T19:06:53Z logger.go:66:       + wait {
TestTerraformCompleteExample 2022-08-04T19:06:53Z logger.go:66:           + fields = {
TestTerraformCompleteExample 2022-08-04T19:06:53Z logger.go:66:               + "status.phase" = "RUNNING"
TestTerraformCompleteExample 2022-08-04T19:06:53Z logger.go:66:             }
TestTerraformCompleteExample 2022-08-04T19:06:53Z logger.go:66:         }
TestTerraformCompleteExample 2022-08-04T19:06:53Z logger.go:66:     }
TestTerraformCompleteExample 2022-08-04T19:06:53Z logger.go:66:
TestTerraformCompleteExample 2022-08-04T19:06:53Z logger.go:66:   # module.confluent_platform.kubernetes_manifest.components["schemaregistry"] will be created
TestTerraformCompleteExample 2022-08-04T19:06:53Z logger.go:66:   + resource "kubernetes_manifest" "components" {
TestTerraformCompleteExample 2022-08-04T19:06:53Z logger.go:66:       + computed_fields = [
TestTerraformCompleteExample 2022-08-04T19:06:53Z logger.go:66:           + "metadata.finalizers",
TestTerraformCompleteExample 2022-08-04T19:06:53Z logger.go:66:         ]
TestTerraformCompleteExample 2022-08-04T19:06:53Z logger.go:66:       + manifest        = {
TestTerraformCompleteExample 2022-08-04T19:06:53Z logger.go:66:           + apiVersion = "platform.confluent.io/v1beta1"
TestTerraformCompleteExample 2022-08-04T19:06:53Z logger.go:66:           + kind       = "SchemaRegistry"
TestTerraformCompleteExample 2022-08-04T19:06:53Z logger.go:66:           + metadata   = {
TestTerraformCompleteExample 2022-08-04T19:06:53Z logger.go:66:               + name      = "schemaregistry"
TestTerraformCompleteExample 2022-08-04T19:06:53Z logger.go:66:               + namespace = "confluent"
TestTerraformCompleteExample 2022-08-04T19:06:53Z logger.go:66:             }
TestTerraformCompleteExample 2022-08-04T19:06:53Z logger.go:66:           + spec       = {
TestTerraformCompleteExample 2022-08-04T19:06:53Z logger.go:66:               + image    = {
TestTerraformCompleteExample 2022-08-04T19:06:53Z logger.go:66:                   + application = "confluentinc/cp-schema-registry:7.2.0"
TestTerraformCompleteExample 2022-08-04T19:06:53Z logger.go:66:                   + init        = "confluentinc/confluent-init-container:2.4.0"
TestTerraformCompleteExample 2022-08-04T19:06:53Z logger.go:66:                 }
TestTerraformCompleteExample 2022-08-04T19:06:53Z logger.go:66:               + replicas = 3
TestTerraformCompleteExample 2022-08-04T19:06:53Z logger.go:66:             }
TestTerraformCompleteExample 2022-08-04T19:06:53Z logger.go:66:         }
TestTerraformCompleteExample 2022-08-04T19:06:53Z logger.go:66:       + object          = {
TestTerraformCompleteExample 2022-08-04T19:06:53Z logger.go:66:           + apiVersion = "platform.confluent.io/v1beta1"
TestTerraformCompleteExample 2022-08-04T19:06:53Z logger.go:66:           + kind       = "SchemaRegistry"
TestTerraformCompleteExample 2022-08-04T19:06:53Z logger.go:66:           + metadata   = {
TestTerraformCompleteExample 2022-08-04T19:06:53Z logger.go:66:               + annotations                = (known after apply)
TestTerraformCompleteExample 2022-08-04T19:06:53Z logger.go:66:               + clusterName                = (known after apply)
TestTerraformCompleteExample 2022-08-04T19:06:53Z logger.go:66:               + creationTimestamp          = (known after apply)
TestTerraformCompleteExample 2022-08-04T19:06:53Z logger.go:66:               + deletionGracePeriodSeconds = (known after apply)
TestTerraformCompleteExample 2022-08-04T19:06:53Z logger.go:66:               + deletionTimestamp          = (known after apply)
TestTerraformCompleteExample 2022-08-04T19:06:53Z logger.go:66:               + finalizers                 = (known after apply)
TestTerraformCompleteExample 2022-08-04T19:06:53Z logger.go:66:               + generateName               = (known after apply)
TestTerraformCompleteExample 2022-08-04T19:06:53Z logger.go:66:               + generation                 = (known after apply)
TestTerraformCompleteExample 2022-08-04T19:06:53Z logger.go:66:               + labels                     = (known after apply)
TestTerraformCompleteExample 2022-08-04T19:06:53Z logger.go:66:               + managedFields              = (known after apply)
TestTerraformCompleteExample 2022-08-04T19:06:53Z logger.go:66:               + name                       = "schemaregistry"
TestTerraformCompleteExample 2022-08-04T19:06:53Z logger.go:66:               + namespace                  = "confluent"
TestTerraformCompleteExample 2022-08-04T19:06:53Z logger.go:66:               + ownerReferences            = (known after apply)
TestTerraformCompleteExample 2022-08-04T19:06:53Z logger.go:66:               + resourceVersion            = (known after apply)
TestTerraformCompleteExample 2022-08-04T19:06:53Z logger.go:66:               + selfLink                   = (known after apply)
TestTerraformCompleteExample 2022-08-04T19:06:53Z logger.go:66:               + uid                        = (known after apply)
TestTerraformCompleteExample 2022-08-04T19:06:53Z logger.go:66:             }
TestTerraformCompleteExample 2022-08-04T19:06:53Z logger.go:66:           + spec       = {
TestTerraformCompleteExample 2022-08-04T19:06:53Z logger.go:66:               + authentication                = {
TestTerraformCompleteExample 2022-08-04T19:06:53Z logger.go:66:                   + basic = {
TestTerraformCompleteExample 2022-08-04T19:06:53Z logger.go:66:                       + debug                    = (known after apply)
TestTerraformCompleteExample 2022-08-04T19:06:53Z logger.go:66:                       + directoryPathInContainer = (known after apply)
TestTerraformCompleteExample 2022-08-04T19:06:53Z logger.go:66:                       + restrictedRoles          = (known after apply)
TestTerraformCompleteExample 2022-08-04T19:06:53Z logger.go:66:                       + roles                    = (known after apply)
TestTerraformCompleteExample 2022-08-04T19:06:53Z logger.go:66:                       + secretRef                = (known after apply)
TestTerraformCompleteExample 2022-08-04T19:06:53Z logger.go:66:                     }
TestTerraformCompleteExample 2022-08-04T19:06:53Z logger.go:66:                   + type  = (known after apply)
TestTerraformCompleteExample 2022-08-04T19:06:53Z logger.go:66:                 }
TestTerraformCompleteExample 2022-08-04T19:06:53Z logger.go:66:               + authorization                 = {
TestTerraformCompleteExample 2022-08-04T19:06:53Z logger.go:66:                   + kafkaRestClassRef = {
TestTerraformCompleteExample 2022-08-04T19:06:53Z logger.go:66:                       + name      = (known after apply)
TestTerraformCompleteExample 2022-08-04T19:06:53Z logger.go:66:                       + namespace = (known after apply)
TestTerraformCompleteExample 2022-08-04T19:06:53Z logger.go:66:                     }
TestTerraformCompleteExample 2022-08-04T19:06:53Z logger.go:66:                   + type              = (known after apply)
TestTerraformCompleteExample 2022-08-04T19:06:53Z logger.go:66:                 }
TestTerraformCompleteExample 2022-08-04T19:06:53Z logger.go:66:               + configOverrides               = {
TestTerraformCompleteExample 2022-08-04T19:06:53Z logger.go:66:                   + jvm    = (known after apply)
TestTerraformCompleteExample 2022-08-04T19:06:53Z logger.go:66:                   + log4j  = (known after apply)
TestTerraformCompleteExample 2022-08-04T19:06:53Z logger.go:66:                   + server = (known after apply)
TestTerraformCompleteExample 2022-08-04T19:06:53Z logger.go:66:                 }
TestTerraformCompleteExample 2022-08-04T19:06:53Z logger.go:66:               + dependencies                  = {
TestTerraformCompleteExample 2022-08-04T19:06:53Z logger.go:66:                   + kafka = {
TestTerraformCompleteExample 2022-08-04T19:06:53Z logger.go:66:                       + authentication    = {
TestTerraformCompleteExample 2022-08-04T19:06:53Z logger.go:66:                           + jaasConfig            = {
TestTerraformCompleteExample 2022-08-04T19:06:53Z logger.go:66:                               + secretRef = (known after apply)
TestTerraformCompleteExample 2022-08-04T19:06:53Z logger.go:66:                             }
TestTerraformCompleteExample 2022-08-04T19:06:53Z logger.go:66:                           + jaasConfigPassThrough = {
TestTerraformCompleteExample 2022-08-04T19:06:53Z logger.go:66:                               + directoryPathInContainer = (known after apply)
TestTerraformCompleteExample 2022-08-04T19:06:53Z logger.go:66:                               + secretRef                = (known after apply)
TestTerraformCompleteExample 2022-08-04T19:06:53Z logger.go:66:                             }
TestTerraformCompleteExample 2022-08-04T19:06:53Z logger.go:66:                           + oauthbearer           = {
TestTerraformCompleteExample 2022-08-04T19:06:53Z logger.go:66:                               + directoryPathInContainer = (known after apply)
TestTerraformCompleteExample 2022-08-04T19:06:53Z logger.go:66:                               + secretRef                = (known after apply)
TestTerraformCompleteExample 2022-08-04T19:06:53Z logger.go:66:                             }
TestTerraformCompleteExample 2022-08-04T19:06:53Z logger.go:66:                           + type                  = (known after apply)
TestTerraformCompleteExample 2022-08-04T19:06:53Z logger.go:66:                         }
TestTerraformCompleteExample 2022-08-04T19:06:53Z logger.go:66:                       + bootstrapEndpoint = (known after apply)
TestTerraformCompleteExample 2022-08-04T19:06:53Z logger.go:66:                       + discovery         = {
TestTerraformCompleteExample 2022-08-04T19:06:53Z logger.go:66:                           + name      = (known after apply)
TestTerraformCompleteExample 2022-08-04T19:06:53Z logger.go:66:                           + namespace = (known after apply)
TestTerraformCompleteExample 2022-08-04T19:06:53Z logger.go:66:                           + secretRef = (known after apply)
TestTerraformCompleteExample 2022-08-04T19:06:53Z logger.go:66:                         }
TestTerraformCompleteExample 2022-08-04T19:06:53Z logger.go:66:                       + tls               = {
TestTerraformCompleteExample 2022-08-04T19:06:53Z logger.go:66:                           + directoryPathInContainer = (known after apply)
TestTerraformCompleteExample 2022-08-04T19:06:53Z logger.go:66:                           + enabled                  = (known after apply)
TestTerraformCompleteExample 2022-08-04T19:06:53Z logger.go:66:                           + ignoreTrustStoreConfig   = (known after apply)
TestTerraformCompleteExample 2022-08-04T19:06:53Z logger.go:66:                           + jksPassword              = {
TestTerraformCompleteExample 2022-08-04T19:06:53Z logger.go:66:                               + secretRef = (known after apply)
TestTerraformCompleteExample 2022-08-04T19:06:53Z logger.go:66:                             }
TestTerraformCompleteExample 2022-08-04T19:06:53Z logger.go:66:                           + secretRef                = (known after apply)
TestTerraformCompleteExample 2022-08-04T19:06:53Z logger.go:66:                         }
TestTerraformCompleteExample 2022-08-04T19:06:53Z logger.go:66:                     }
TestTerraformCompleteExample 2022-08-04T19:06:53Z logger.go:66:                   + mds   = {
TestTerraformCompleteExample 2022-08-04T19:06:53Z logger.go:66:                       + authentication = {
TestTerraformCompleteExample 2022-08-04T19:06:53Z logger.go:66:                           + bearer = {
TestTerraformCompleteExample 2022-08-04T19:06:53Z logger.go:66:                               + directoryPathInContainer = (known after apply)
TestTerraformCompleteExample 2022-08-04T19:06:53Z logger.go:66:                               + secretRef                = (known after apply)
TestTerraformCompleteExample 2022-08-04T19:06:53Z logger.go:66:                             }
TestTerraformCompleteExample 2022-08-04T19:06:53Z logger.go:66:                           + type   = (known after apply)
TestTerraformCompleteExample 2022-08-04T19:06:53Z logger.go:66:                         }
TestTerraformCompleteExample 2022-08-04T19:06:53Z logger.go:66:                       + endpoint       = (known after apply)
TestTerraformCompleteExample 2022-08-04T19:06:53Z logger.go:66:                       + tls            = {
TestTerraformCompleteExample 2022-08-04T19:06:53Z logger.go:66:                           + directoryPathInContainer = (known after apply)
TestTerraformCompleteExample 2022-08-04T19:06:53Z logger.go:66:                           + enabled                  = (known after apply)
TestTerraformCompleteExample 2022-08-04T19:06:53Z logger.go:66:                           + ignoreTrustStoreConfig   = (known after apply)
TestTerraformCompleteExample 2022-08-04T19:06:53Z logger.go:66:                           + jksPassword              = {
TestTerraformCompleteExample 2022-08-04T19:06:53Z logger.go:66:                               + secretRef = (known after apply)
TestTerraformCompleteExample 2022-08-04T19:06:53Z logger.go:66:                             }
TestTerraformCompleteExample 2022-08-04T19:06:53Z logger.go:66:                           + secretRef                = (known after apply)
TestTerraformCompleteExample 2022-08-04T19:06:53Z logger.go:66:                         }
TestTerraformCompleteExample 2022-08-04T19:06:53Z logger.go:66:                       + tokenKeyPair   = {
TestTerraformCompleteExample 2022-08-04T19:06:53Z logger.go:66:                           + directoryPathInContainer = (known after apply)
TestTerraformCompleteExample 2022-08-04T19:06:53Z logger.go:66:                           + secretRef                = (known after apply)
TestTerraformCompleteExample 2022-08-04T19:06:53Z logger.go:66:                         }
TestTerraformCompleteExample 2022-08-04T19:06:53Z logger.go:66:                     }
TestTerraformCompleteExample 2022-08-04T19:06:53Z logger.go:66:                 }
TestTerraformCompleteExample 2022-08-04T19:06:53Z logger.go:66:               + enableSchemaExporter          = (known after apply)
TestTerraformCompleteExample 2022-08-04T19:06:53Z logger.go:66:               + externalAccess                = {
TestTerraformCompleteExample 2022-08-04T19:06:53Z logger.go:66:                   + loadBalancer = {
TestTerraformCompleteExample 2022-08-04T19:06:53Z logger.go:66:                       + advertisedURL            = {
TestTerraformCompleteExample 2022-08-04T19:06:53Z logger.go:66:                           + enabled = (known after apply)
TestTerraformCompleteExample 2022-08-04T19:06:53Z logger.go:66:                           + prefix  = (known after apply)
TestTerraformCompleteExample 2022-08-04T19:06:53Z logger.go:66:                         }
TestTerraformCompleteExample 2022-08-04T19:06:53Z logger.go:66:                       + annotations              = (known after apply)
TestTerraformCompleteExample 2022-08-04T19:06:53Z logger.go:66:                       + domain                   = (known after apply)
TestTerraformCompleteExample 2022-08-04T19:06:53Z logger.go:66:                       + externalTrafficPolicy    = (known after apply)
TestTerraformCompleteExample 2022-08-04T19:06:53Z logger.go:66:                       + labels                   = (known after apply)
TestTerraformCompleteExample 2022-08-04T19:06:53Z logger.go:66:                       + loadBalancerSourceRanges = (known after apply)
TestTerraformCompleteExample 2022-08-04T19:06:53Z logger.go:66:                       + port                     = (known after apply)
TestTerraformCompleteExample 2022-08-04T19:06:53Z logger.go:66:                       + prefix                   = (known after apply)
TestTerraformCompleteExample 2022-08-04T19:06:53Z logger.go:66:                       + servicePorts             = (known after apply)
TestTerraformCompleteExample 2022-08-04T19:06:53Z logger.go:66:                       + sessionAffinity          = (known after apply)
TestTerraformCompleteExample 2022-08-04T19:06:53Z logger.go:66:                       + sessionAffinityConfig    = {
TestTerraformCompleteExample 2022-08-04T19:06:53Z logger.go:66:                           + clientIP = {
TestTerraformCompleteExample 2022-08-04T19:06:53Z logger.go:66:                               + timeoutSeconds = (known after apply)
TestTerraformCompleteExample 2022-08-04T19:06:53Z logger.go:66:                             }
TestTerraformCompleteExample 2022-08-04T19:06:53Z logger.go:66:                         }
TestTerraformCompleteExample 2022-08-04T19:06:53Z logger.go:66:                     }
TestTerraformCompleteExample 2022-08-04T19:06:53Z logger.go:66:                   + nodePort     = {
TestTerraformCompleteExample 2022-08-04T19:06:53Z logger.go:66:                       + advertisedURL         = {
TestTerraformCompleteExample 2022-08-04T19:06:53Z logger.go:66:                           + enabled = (known after apply)
TestTerraformCompleteExample 2022-08-04T19:06:53Z logger.go:66:                           + prefix  = (known after apply)
TestTerraformCompleteExample 2022-08-04T19:06:53Z logger.go:66:                         }
TestTerraformCompleteExample 2022-08-04T19:06:53Z logger.go:66:                       + annotations           = (known after apply)
TestTerraformCompleteExample 2022-08-04T19:06:53Z logger.go:66:                       + externalTrafficPolicy = (known after apply)
TestTerraformCompleteExample 2022-08-04T19:06:53Z logger.go:66:                       + host                  = (known after apply)
TestTerraformCompleteExample 2022-08-04T19:06:53Z logger.go:66:                       + labels                = (known after apply)
TestTerraformCompleteExample 2022-08-04T19:06:53Z logger.go:66:                       + nodePortOffset        = (known after apply)
TestTerraformCompleteExample 2022-08-04T19:06:53Z logger.go:66:                       + servicePorts          = (known after apply)
TestTerraformCompleteExample 2022-08-04T19:06:53Z logger.go:66:                       + sessionAffinity       = (known after apply)
TestTerraformCompleteExample 2022-08-04T19:06:53Z logger.go:66:                       + sessionAffinityConfig = {
TestTerraformCompleteExample 2022-08-04T19:06:53Z logger.go:66:                           + clientIP = {
TestTerraformCompleteExample 2022-08-04T19:06:53Z logger.go:66:                               + timeoutSeconds = (known after apply)
TestTerraformCompleteExample 2022-08-04T19:06:53Z logger.go:66:                             }
TestTerraformCompleteExample 2022-08-04T19:06:53Z logger.go:66:                         }
TestTerraformCompleteExample 2022-08-04T19:06:53Z logger.go:66:                     }
TestTerraformCompleteExample 2022-08-04T19:06:53Z logger.go:66:                   + route        = {
TestTerraformCompleteExample 2022-08-04T19:06:53Z logger.go:66:                       + annotations    = (known after apply)
TestTerraformCompleteExample 2022-08-04T19:06:53Z logger.go:66:                       + domain         = (known after apply)
TestTerraformCompleteExample 2022-08-04T19:06:53Z logger.go:66:                       + labels         = (known after apply)
TestTerraformCompleteExample 2022-08-04T19:06:53Z logger.go:66:                       + prefix         = (known after apply)
TestTerraformCompleteExample 2022-08-04T19:06:53Z logger.go:66:                       + wildcardPolicy = (known after apply)
TestTerraformCompleteExample 2022-08-04T19:06:53Z logger.go:66:                     }
TestTerraformCompleteExample 2022-08-04T19:06:53Z logger.go:66:                   + type         = (known after apply)
TestTerraformCompleteExample 2022-08-04T19:06:53Z logger.go:66:                 }
TestTerraformCompleteExample 2022-08-04T19:06:53Z logger.go:66:               + headlessService               = {
TestTerraformCompleteExample 2022-08-04T19:06:53Z logger.go:66:                   + annotations              = (known after apply)
TestTerraformCompleteExample 2022-08-04T19:06:53Z logger.go:66:                   + labels                   = (known after apply)
TestTerraformCompleteExample 2022-08-04T19:06:53Z logger.go:66:                   + publishNotReadyAddresses = (known after apply)
TestTerraformCompleteExample 2022-08-04T19:06:53Z logger.go:66:                 }
TestTerraformCompleteExample 2022-08-04T19:06:53Z logger.go:66:               + image                         = {
TestTerraformCompleteExample 2022-08-04T19:06:53Z logger.go:66:                   + application   = "confluentinc/cp-schema-registry:7.2.0"
TestTerraformCompleteExample 2022-08-04T19:06:53Z logger.go:66:                   + init          = "confluentinc/confluent-init-container:2.4.0"
TestTerraformCompleteExample 2022-08-04T19:06:53Z logger.go:66:                   + pullPolicy    = (known after apply)
TestTerraformCompleteExample 2022-08-04T19:06:53Z logger.go:66:                   + pullSecretRef = (known after apply)
TestTerraformCompleteExample 2022-08-04T19:06:53Z logger.go:66:                 }
TestTerraformCompleteExample 2022-08-04T19:06:53Z logger.go:66:               + injectAnnotations             = (known after apply)
TestTerraformCompleteExample 2022-08-04T19:06:53Z logger.go:66:               + injectLabels                  = (known after apply)
TestTerraformCompleteExample 2022-08-04T19:06:53Z logger.go:66:               + internalTopicReplicatorFactor = (known after apply)
TestTerraformCompleteExample 2022-08-04T19:06:53Z logger.go:66:               + k8sClusterDomain              = (known after apply)
TestTerraformCompleteExample 2022-08-04T19:06:53Z logger.go:66:               + license                       = {
TestTerraformCompleteExample 2022-08-04T19:06:53Z logger.go:66:                   + directoryPathInContainer = (known after apply)
TestTerraformCompleteExample 2022-08-04T19:06:53Z logger.go:66:                   + globalLicense            = (known after apply)
TestTerraformCompleteExample 2022-08-04T19:06:53Z logger.go:66:                   + secretRef                = (known after apply)
TestTerraformCompleteExample 2022-08-04T19:06:53Z logger.go:66:                 }
TestTerraformCompleteExample 2022-08-04T19:06:53Z logger.go:66:               + metrics                       = {
TestTerraformCompleteExample 2022-08-04T19:06:53Z logger.go:66:                   + authentication = {
TestTerraformCompleteExample 2022-08-04T19:06:53Z logger.go:66:                       + type = (known after apply)
TestTerraformCompleteExample 2022-08-04T19:06:53Z logger.go:66:                     }
TestTerraformCompleteExample 2022-08-04T19:06:53Z logger.go:66:                   + prometheus     = {
TestTerraformCompleteExample 2022-08-04T19:06:53Z logger.go:66:                       + blacklist = (known after apply)
TestTerraformCompleteExample 2022-08-04T19:06:53Z logger.go:66:                       + rules     = (known after apply)
TestTerraformCompleteExample 2022-08-04T19:06:53Z logger.go:66:                       + whitelist = (known after apply)
TestTerraformCompleteExample 2022-08-04T19:06:53Z logger.go:66:                     }
TestTerraformCompleteExample 2022-08-04T19:06:53Z logger.go:66:                   + tls            = {
TestTerraformCompleteExample 2022-08-04T19:06:53Z logger.go:66:                       + directoryPathInContainer = (known after apply)
TestTerraformCompleteExample 2022-08-04T19:06:53Z logger.go:66:                       + enabled                  = (known after apply)
TestTerraformCompleteExample 2022-08-04T19:06:53Z logger.go:66:                       + ignoreTrustStoreConfig   = (known after apply)
TestTerraformCompleteExample 2022-08-04T19:06:53Z logger.go:66:                       + jksPassword              = {
TestTerraformCompleteExample 2022-08-04T19:06:53Z logger.go:66:                           + secretRef = (known after apply)
TestTerraformCompleteExample 2022-08-04T19:06:53Z logger.go:66:                         }
TestTerraformCompleteExample 2022-08-04T19:06:53Z logger.go:66:                       + secretRef                = (known after apply)
TestTerraformCompleteExample 2022-08-04T19:06:53Z logger.go:66:                     }
TestTerraformCompleteExample 2022-08-04T19:06:53Z logger.go:66:                 }
TestTerraformCompleteExample 2022-08-04T19:06:53Z logger.go:66:               + mountedSecrets                = (known after apply)
TestTerraformCompleteExample 2022-08-04T19:06:53Z logger.go:66:               + mountedVolumes                = {
TestTerraformCompleteExample 2022-08-04T19:06:53Z logger.go:66:                   + volumeMounts = (known after apply)
TestTerraformCompleteExample 2022-08-04T19:06:53Z logger.go:66:                   + volumes      = (known after apply)
TestTerraformCompleteExample 2022-08-04T19:06:53Z logger.go:66:                 }
TestTerraformCompleteExample 2022-08-04T19:06:53Z logger.go:66:               + oneReplicaPerNode             = (known after apply)
TestTerraformCompleteExample 2022-08-04T19:06:53Z logger.go:66:               + passwordEncoder               = {
TestTerraformCompleteExample 2022-08-04T19:06:53Z logger.go:66:                   + directoryPathInContainer = (known after apply)
TestTerraformCompleteExample 2022-08-04T19:06:53Z logger.go:66:                   + secretRef                = (known after apply)
TestTerraformCompleteExample 2022-08-04T19:06:53Z logger.go:66:                 }
TestTerraformCompleteExample 2022-08-04T19:06:53Z logger.go:66:               + podTemplate                   = {
TestTerraformCompleteExample 2022-08-04T19:06:53Z logger.go:66:                   + affinity                      = {
TestTerraformCompleteExample 2022-08-04T19:06:53Z logger.go:66:                       + nodeAffinity    = {
TestTerraformCompleteExample 2022-08-04T19:06:53Z logger.go:66:                           + preferredDuringSchedulingIgnoredDuringExecution = (known after apply)
TestTerraformCompleteExample 2022-08-04T19:06:53Z logger.go:66:                           + requiredDuringSchedulingIgnoredDuringExecution  = {
TestTerraformCompleteExample 2022-08-04T19:06:53Z logger.go:66:                               + nodeSelectorTerms = (known after apply)
TestTerraformCompleteExample 2022-08-04T19:06:53Z logger.go:66:                             }
TestTerraformCompleteExample 2022-08-04T19:06:53Z logger.go:66:                         }
TestTerraformCompleteExample 2022-08-04T19:06:53Z logger.go:66:                       + podAffinity     = {
TestTerraformCompleteExample 2022-08-04T19:06:53Z logger.go:66:                           + preferredDuringSchedulingIgnoredDuringExecution = (known after apply)
TestTerraformCompleteExample 2022-08-04T19:06:53Z logger.go:66:                           + requiredDuringSchedulingIgnoredDuringExecution  = (known after apply)
TestTerraformCompleteExample 2022-08-04T19:06:53Z logger.go:66:                         }
TestTerraformCompleteExample 2022-08-04T19:06:53Z logger.go:66:                       + podAntiAffinity = {
TestTerraformCompleteExample 2022-08-04T19:06:53Z logger.go:66:                           + preferredDuringSchedulingIgnoredDuringExecution = (known after apply)
TestTerraformCompleteExample 2022-08-04T19:06:53Z logger.go:66:                           + requiredDuringSchedulingIgnoredDuringExecution  = (known after apply)
TestTerraformCompleteExample 2022-08-04T19:06:53Z logger.go:66:                         }
TestTerraformCompleteExample 2022-08-04T19:06:53Z logger.go:66:                     }
TestTerraformCompleteExample 2022-08-04T19:06:53Z logger.go:66:                   + annotations                   = (known after apply)
TestTerraformCompleteExample 2022-08-04T19:06:53Z logger.go:66:                   + envVars                       = (known after apply)
TestTerraformCompleteExample 2022-08-04T19:06:53Z logger.go:66:                   + labels                        = (known after apply)
TestTerraformCompleteExample 2022-08-04T19:06:53Z logger.go:66:                   + podSecurityContext            = {
TestTerraformCompleteExample 2022-08-04T19:06:53Z logger.go:66:                       + fsGroup             = (known after apply)
TestTerraformCompleteExample 2022-08-04T19:06:53Z logger.go:66:                       + fsGroupChangePolicy = (known after apply)
TestTerraformCompleteExample 2022-08-04T19:06:53Z logger.go:66:                       + runAsGroup          = (known after apply)
TestTerraformCompleteExample 2022-08-04T19:06:53Z logger.go:66:                       + runAsNonRoot        = (known after apply)
TestTerraformCompleteExample 2022-08-04T19:06:53Z logger.go:66:                       + runAsUser           = (known after apply)
TestTerraformCompleteExample 2022-08-04T19:06:53Z logger.go:66:                       + seLinuxOptions      = {
TestTerraformCompleteExample 2022-08-04T19:06:53Z logger.go:66:                           + level = (known after apply)
TestTerraformCompleteExample 2022-08-04T19:06:53Z logger.go:66:                           + role  = (known after apply)
TestTerraformCompleteExample 2022-08-04T19:06:53Z logger.go:66:                           + type  = (known after apply)
TestTerraformCompleteExample 2022-08-04T19:06:53Z logger.go:66:                           + user  = (known after apply)
TestTerraformCompleteExample 2022-08-04T19:06:53Z logger.go:66:                         }
TestTerraformCompleteExample 2022-08-04T19:06:53Z logger.go:66:                       + seccompProfile      = {
TestTerraformCompleteExample 2022-08-04T19:06:53Z logger.go:66:                           + localhostProfile = (known after apply)
TestTerraformCompleteExample 2022-08-04T19:06:53Z logger.go:66:                           + type             = (known after apply)
TestTerraformCompleteExample 2022-08-04T19:06:53Z logger.go:66:                         }
TestTerraformCompleteExample 2022-08-04T19:06:53Z logger.go:66:                       + supplementalGroups  = (known after apply)
TestTerraformCompleteExample 2022-08-04T19:06:53Z logger.go:66:                       + sysctls             = (known after apply)
TestTerraformCompleteExample 2022-08-04T19:06:53Z logger.go:66:                       + windowsOptions      = {
TestTerraformCompleteExample 2022-08-04T19:06:53Z logger.go:66:                           + gmsaCredentialSpec     = (known after apply)
TestTerraformCompleteExample 2022-08-04T19:06:53Z logger.go:66:                           + gmsaCredentialSpecName = (known after apply)
TestTerraformCompleteExample 2022-08-04T19:06:53Z logger.go:66:                           + hostProcess            = (known after apply)
TestTerraformCompleteExample 2022-08-04T19:06:53Z logger.go:66:                           + runAsUserName          = (known after apply)
TestTerraformCompleteExample 2022-08-04T19:06:53Z logger.go:66:                         }
TestTerraformCompleteExample 2022-08-04T19:06:53Z logger.go:66:                     }
TestTerraformCompleteExample 2022-08-04T19:06:53Z logger.go:66:                   + priorityClassName             = (known after apply)
TestTerraformCompleteExample 2022-08-04T19:06:53Z logger.go:66:                   + probe                         = {
TestTerraformCompleteExample 2022-08-04T19:06:53Z logger.go:66:                       + liveness  = {
TestTerraformCompleteExample 2022-08-04T19:06:53Z logger.go:66:                           + failureThreshold    = (known after apply)
TestTerraformCompleteExample 2022-08-04T19:06:53Z logger.go:66:                           + initialDelaySeconds = (known after apply)
TestTerraformCompleteExample 2022-08-04T19:06:53Z logger.go:66:                           + periodSeconds       = (known after apply)
TestTerraformCompleteExample 2022-08-04T19:06:53Z logger.go:66:                           + successThreshold    = (known after apply)
TestTerraformCompleteExample 2022-08-04T19:06:53Z logger.go:66:                           + timeoutSeconds      = (known after apply)
TestTerraformCompleteExample 2022-08-04T19:06:53Z logger.go:66:                         }
TestTerraformCompleteExample 2022-08-04T19:06:53Z logger.go:66:                       + readiness = {
TestTerraformCompleteExample 2022-08-04T19:06:53Z logger.go:66:                           + failureThreshold    = (known after apply)
TestTerraformCompleteExample 2022-08-04T19:06:53Z logger.go:66:                           + initialDelaySeconds = (known after apply)
TestTerraformCompleteExample 2022-08-04T19:06:53Z logger.go:66:                           + periodSeconds       = (known after apply)
TestTerraformCompleteExample 2022-08-04T19:06:53Z logger.go:66:                           + successThreshold    = (known after apply)
TestTerraformCompleteExample 2022-08-04T19:06:53Z logger.go:66:                           + timeoutSeconds      = (known after apply)
TestTerraformCompleteExample 2022-08-04T19:06:53Z logger.go:66:                         }
TestTerraformCompleteExample 2022-08-04T19:06:53Z logger.go:66:                     }
TestTerraformCompleteExample 2022-08-04T19:06:53Z logger.go:66:                   + resources                     = {
TestTerraformCompleteExample 2022-08-04T19:06:53Z logger.go:66:                       + limits   = (known after apply)
TestTerraformCompleteExample 2022-08-04T19:06:53Z logger.go:66:                       + requests = (known after apply)
TestTerraformCompleteExample 2022-08-04T19:06:53Z logger.go:66:                     }
TestTerraformCompleteExample 2022-08-04T19:06:53Z logger.go:66:                   + securityContext               = {
TestTerraformCompleteExample 2022-08-04T19:06:53Z logger.go:66:                       + allowPrivilegeEscalation = (known after apply)
TestTerraformCompleteExample 2022-08-04T19:06:53Z logger.go:66:                       + capabilities             = {
TestTerraformCompleteExample 2022-08-04T19:06:53Z logger.go:66:                           + add  = (known after apply)
TestTerraformCompleteExample 2022-08-04T19:06:53Z logger.go:66:                           + drop = (known after apply)
TestTerraformCompleteExample 2022-08-04T19:06:53Z logger.go:66:                         }
TestTerraformCompleteExample 2022-08-04T19:06:53Z logger.go:66:                       + privileged               = (known after apply)
TestTerraformCompleteExample 2022-08-04T19:06:53Z logger.go:66:                       + procMount                = (known after apply)
TestTerraformCompleteExample 2022-08-04T19:06:53Z logger.go:66:                       + readOnlyRootFilesystem   = (known after apply)
TestTerraformCompleteExample 2022-08-04T19:06:53Z logger.go:66:                       + runAsGroup               = (known after apply)
TestTerraformCompleteExample 2022-08-04T19:06:53Z logger.go:66:                       + runAsNonRoot             = (known after apply)
TestTerraformCompleteExample 2022-08-04T19:06:53Z logger.go:66:                       + runAsUser                = (known after apply)
TestTerraformCompleteExample 2022-08-04T19:06:53Z logger.go:66:                       + seLinuxOptions           = {
TestTerraformCompleteExample 2022-08-04T19:06:53Z logger.go:66:                           + level = (known after apply)
TestTerraformCompleteExample 2022-08-04T19:06:53Z logger.go:66:                           + role  = (known after apply)
TestTerraformCompleteExample 2022-08-04T19:06:53Z logger.go:66:                           + type  = (known after apply)
TestTerraformCompleteExample 2022-08-04T19:06:53Z logger.go:66:                           + user  = (known after apply)
TestTerraformCompleteExample 2022-08-04T19:06:53Z logger.go:66:                         }
TestTerraformCompleteExample 2022-08-04T19:06:53Z logger.go:66:                       + seccompProfile           = {
TestTerraformCompleteExample 2022-08-04T19:06:53Z logger.go:66:                           + localhostProfile = (known after apply)
TestTerraformCompleteExample 2022-08-04T19:06:53Z logger.go:66:                           + type             = (known after apply)
TestTerraformCompleteExample 2022-08-04T19:06:53Z logger.go:66:                         }
TestTerraformCompleteExample 2022-08-04T19:06:53Z logger.go:66:                       + windowsOptions           = {
TestTerraformCompleteExample 2022-08-04T19:06:53Z logger.go:66:                           + gmsaCredentialSpec     = (known after apply)
TestTerraformCompleteExample 2022-08-04T19:06:53Z logger.go:66:                           + gmsaCredentialSpecName = (known after apply)
TestTerraformCompleteExample 2022-08-04T19:06:53Z logger.go:66:                           + hostProcess            = (known after apply)
TestTerraformCompleteExample 2022-08-04T19:06:53Z logger.go:66:                           + runAsUserName          = (known after apply)
TestTerraformCompleteExample 2022-08-04T19:06:53Z logger.go:66:                         }
TestTerraformCompleteExample 2022-08-04T19:06:53Z logger.go:66:                     }
TestTerraformCompleteExample 2022-08-04T19:06:53Z logger.go:66:                   + serviceAccountName            = (known after apply)
TestTerraformCompleteExample 2022-08-04T19:06:53Z logger.go:66:                   + terminationGracePeriodSeconds = (known after apply)
TestTerraformCompleteExample 2022-08-04T19:06:53Z logger.go:66:                   + tolerations                   = (known after apply)
TestTerraformCompleteExample 2022-08-04T19:06:53Z logger.go:66:                   + topologySpreadConstraints     = (known after apply)
TestTerraformCompleteExample 2022-08-04T19:06:53Z logger.go:66:                 }
TestTerraformCompleteExample 2022-08-04T19:06:53Z logger.go:66:               + replicas                      = 3
TestTerraformCompleteExample 2022-08-04T19:06:53Z logger.go:66:               + telemetry                     = {
TestTerraformCompleteExample 2022-08-04T19:06:53Z logger.go:66:                   + global = (known after apply)
TestTerraformCompleteExample 2022-08-04T19:06:53Z logger.go:66:                 }
TestTerraformCompleteExample 2022-08-04T19:06:53Z logger.go:66:               + tls                           = {
TestTerraformCompleteExample 2022-08-04T19:06:53Z logger.go:66:                   + autoGeneratedCerts       = (known after apply)
TestTerraformCompleteExample 2022-08-04T19:06:53Z logger.go:66:                   + directoryPathInContainer = (known after apply)
TestTerraformCompleteExample 2022-08-04T19:06:53Z logger.go:66:                   + ignoreTrustStoreConfig   = (known after apply)
TestTerraformCompleteExample 2022-08-04T19:06:53Z logger.go:66:                   + jksPassword              = {
TestTerraformCompleteExample 2022-08-04T19:06:53Z logger.go:66:                       + secretRef = (known after apply)
TestTerraformCompleteExample 2022-08-04T19:06:53Z logger.go:66:                     }
TestTerraformCompleteExample 2022-08-04T19:06:53Z logger.go:66:                   + secretRef                = (known after apply)
TestTerraformCompleteExample 2022-08-04T19:06:53Z logger.go:66:                 }
TestTerraformCompleteExample 2022-08-04T19:06:53Z logger.go:66:             }
TestTerraformCompleteExample 2022-08-04T19:06:53Z logger.go:66:         }
TestTerraformCompleteExample 2022-08-04T19:06:53Z logger.go:66:
TestTerraformCompleteExample 2022-08-04T19:06:53Z logger.go:66:       + timeouts {
TestTerraformCompleteExample 2022-08-04T19:06:53Z logger.go:66:           + create = "1h"
TestTerraformCompleteExample 2022-08-04T19:06:53Z logger.go:66:           + delete = "10m"
TestTerraformCompleteExample 2022-08-04T19:06:53Z logger.go:66:           + update = "1h"
TestTerraformCompleteExample 2022-08-04T19:06:53Z logger.go:66:         }
TestTerraformCompleteExample 2022-08-04T19:06:53Z logger.go:66:
TestTerraformCompleteExample 2022-08-04T19:06:53Z logger.go:66:       + wait {
TestTerraformCompleteExample 2022-08-04T19:06:53Z logger.go:66:           + fields = {
TestTerraformCompleteExample 2022-08-04T19:06:53Z logger.go:66:               + "status.phase" = "RUNNING"
TestTerraformCompleteExample 2022-08-04T19:06:53Z logger.go:66:             }
TestTerraformCompleteExample 2022-08-04T19:06:53Z logger.go:66:         }
TestTerraformCompleteExample 2022-08-04T19:06:53Z logger.go:66:     }
TestTerraformCompleteExample 2022-08-04T19:06:53Z logger.go:66:
TestTerraformCompleteExample 2022-08-04T19:06:53Z logger.go:66:   # module.confluent_platform.kubernetes_manifest.components["zookeeper"] will be created
TestTerraformCompleteExample 2022-08-04T19:06:53Z logger.go:66:   + resource "kubernetes_manifest" "components" {
TestTerraformCompleteExample 2022-08-04T19:06:53Z logger.go:66:       + computed_fields = [
TestTerraformCompleteExample 2022-08-04T19:06:53Z logger.go:66:           + "metadata.finalizers",
TestTerraformCompleteExample 2022-08-04T19:06:53Z logger.go:66:         ]
TestTerraformCompleteExample 2022-08-04T19:06:53Z logger.go:66:       + manifest        = {
TestTerraformCompleteExample 2022-08-04T19:06:53Z logger.go:66:           + apiVersion = "platform.confluent.io/v1beta1"
TestTerraformCompleteExample 2022-08-04T19:06:53Z logger.go:66:           + kind       = "Zookeeper"
TestTerraformCompleteExample 2022-08-04T19:06:53Z logger.go:66:           + metadata   = {
TestTerraformCompleteExample 2022-08-04T19:06:53Z logger.go:66:               + name      = "zookeeper"
TestTerraformCompleteExample 2022-08-04T19:06:53Z logger.go:66:               + namespace = "confluent"
TestTerraformCompleteExample 2022-08-04T19:06:53Z logger.go:66:             }
TestTerraformCompleteExample 2022-08-04T19:06:53Z logger.go:66:           + spec       = {
TestTerraformCompleteExample 2022-08-04T19:06:53Z logger.go:66:               + dataVolumeCapacity = "10Gi"
TestTerraformCompleteExample 2022-08-04T19:06:53Z logger.go:66:               + image              = {
TestTerraformCompleteExample 2022-08-04T19:06:53Z logger.go:66:                   + application = "confluentinc/cp-zookeeper:7.2.0"
TestTerraformCompleteExample 2022-08-04T19:06:53Z logger.go:66:                   + init        = "confluentinc/confluent-init-container:2.4.0"
TestTerraformCompleteExample 2022-08-04T19:06:53Z logger.go:66:                 }
TestTerraformCompleteExample 2022-08-04T19:06:53Z logger.go:66:               + logVolumeCapacity  = "10Gi"
TestTerraformCompleteExample 2022-08-04T19:06:53Z logger.go:66:               + replicas           = "3"
TestTerraformCompleteExample 2022-08-04T19:06:53Z logger.go:66:             }
TestTerraformCompleteExample 2022-08-04T19:06:53Z logger.go:66:         }
TestTerraformCompleteExample 2022-08-04T19:06:53Z logger.go:66:       + object          = {
TestTerraformCompleteExample 2022-08-04T19:06:53Z logger.go:66:           + apiVersion = "platform.confluent.io/v1beta1"
TestTerraformCompleteExample 2022-08-04T19:06:53Z logger.go:66:           + kind       = "Zookeeper"
TestTerraformCompleteExample 2022-08-04T19:06:53Z logger.go:66:           + metadata   = {
TestTerraformCompleteExample 2022-08-04T19:06:53Z logger.go:66:               + annotations                = (known after apply)
TestTerraformCompleteExample 2022-08-04T19:06:53Z logger.go:66:               + clusterName                = (known after apply)
TestTerraformCompleteExample 2022-08-04T19:06:53Z logger.go:66:               + creationTimestamp          = (known after apply)
TestTerraformCompleteExample 2022-08-04T19:06:53Z logger.go:66:               + deletionGracePeriodSeconds = (known after apply)
TestTerraformCompleteExample 2022-08-04T19:06:53Z logger.go:66:               + deletionTimestamp          = (known after apply)
TestTerraformCompleteExample 2022-08-04T19:06:53Z logger.go:66:               + finalizers                 = (known after apply)
TestTerraformCompleteExample 2022-08-04T19:06:53Z logger.go:66:               + generateName               = (known after apply)
TestTerraformCompleteExample 2022-08-04T19:06:53Z logger.go:66:               + generation                 = (known after apply)
TestTerraformCompleteExample 2022-08-04T19:06:53Z logger.go:66:               + labels                     = (known after apply)
TestTerraformCompleteExample 2022-08-04T19:06:53Z logger.go:66:               + managedFields              = (known after apply)
TestTerraformCompleteExample 2022-08-04T19:06:53Z logger.go:66:               + name                       = "zookeeper"
TestTerraformCompleteExample 2022-08-04T19:06:53Z logger.go:66:               + namespace                  = "confluent"
TestTerraformCompleteExample 2022-08-04T19:06:53Z logger.go:66:               + ownerReferences            = (known after apply)
TestTerraformCompleteExample 2022-08-04T19:06:53Z logger.go:66:               + resourceVersion            = (known after apply)
TestTerraformCompleteExample 2022-08-04T19:06:53Z logger.go:66:               + selfLink                   = (known after apply)
TestTerraformCompleteExample 2022-08-04T19:06:53Z logger.go:66:               + uid                        = (known after apply)
TestTerraformCompleteExample 2022-08-04T19:06:53Z logger.go:66:             }
TestTerraformCompleteExample 2022-08-04T19:06:53Z logger.go:66:           + spec       = {
TestTerraformCompleteExample 2022-08-04T19:06:53Z logger.go:66:               + authentication     = {
TestTerraformCompleteExample 2022-08-04T19:06:53Z logger.go:66:                   + jaasConfig            = {
TestTerraformCompleteExample 2022-08-04T19:06:53Z logger.go:66:                       + secretRef = (known after apply)
TestTerraformCompleteExample 2022-08-04T19:06:53Z logger.go:66:                     }
TestTerraformCompleteExample 2022-08-04T19:06:53Z logger.go:66:                   + jaasConfigPassThrough = {
TestTerraformCompleteExample 2022-08-04T19:06:53Z logger.go:66:                       + directoryPathInContainer = (known after apply)
TestTerraformCompleteExample 2022-08-04T19:06:53Z logger.go:66:                       + secretRef                = (known after apply)
TestTerraformCompleteExample 2022-08-04T19:06:53Z logger.go:66:                     }
TestTerraformCompleteExample 2022-08-04T19:06:53Z logger.go:66:                   + principalMappingRules = (known after apply)
TestTerraformCompleteExample 2022-08-04T19:06:53Z logger.go:66:                   + type                  = (known after apply)
TestTerraformCompleteExample 2022-08-04T19:06:53Z logger.go:66:                 }
TestTerraformCompleteExample 2022-08-04T19:06:53Z logger.go:66:               + configOverrides    = {
TestTerraformCompleteExample 2022-08-04T19:06:53Z logger.go:66:                   + jvm    = (known after apply)
TestTerraformCompleteExample 2022-08-04T19:06:53Z logger.go:66:                   + log4j  = (known after apply)
TestTerraformCompleteExample 2022-08-04T19:06:53Z logger.go:66:                   + peers  = (known after apply)
TestTerraformCompleteExample 2022-08-04T19:06:53Z logger.go:66:                   + server = (known after apply)
TestTerraformCompleteExample 2022-08-04T19:06:53Z logger.go:66:                 }
TestTerraformCompleteExample 2022-08-04T19:06:53Z logger.go:66:               + dataVolumeCapacity = "10Gi"
TestTerraformCompleteExample 2022-08-04T19:06:53Z logger.go:66:               + headlessService    = {
TestTerraformCompleteExample 2022-08-04T19:06:53Z logger.go:66:                   + annotations              = (known after apply)
TestTerraformCompleteExample 2022-08-04T19:06:53Z logger.go:66:                   + labels                   = (known after apply)
TestTerraformCompleteExample 2022-08-04T19:06:53Z logger.go:66:                   + publishNotReadyAddresses = (known after apply)
TestTerraformCompleteExample 2022-08-04T19:06:53Z logger.go:66:                 }
TestTerraformCompleteExample 2022-08-04T19:06:53Z logger.go:66:               + image              = {
TestTerraformCompleteExample 2022-08-04T19:06:53Z logger.go:66:                   + application   = "confluentinc/cp-zookeeper:7.2.0"
TestTerraformCompleteExample 2022-08-04T19:06:53Z logger.go:66:                   + init          = "confluentinc/confluent-init-container:2.4.0"
TestTerraformCompleteExample 2022-08-04T19:06:53Z logger.go:66:                   + pullPolicy    = (known after apply)
TestTerraformCompleteExample 2022-08-04T19:06:53Z logger.go:66:                   + pullSecretRef = (known after apply)
TestTerraformCompleteExample 2022-08-04T19:06:53Z logger.go:66:                 }
TestTerraformCompleteExample 2022-08-04T19:06:53Z logger.go:66:               + injectAnnotations  = (known after apply)
TestTerraformCompleteExample 2022-08-04T19:06:53Z logger.go:66:               + injectLabels       = (known after apply)
TestTerraformCompleteExample 2022-08-04T19:06:53Z logger.go:66:               + k8sClusterDomain   = (known after apply)
TestTerraformCompleteExample 2022-08-04T19:06:53Z logger.go:66:               + license            = {
TestTerraformCompleteExample 2022-08-04T19:06:53Z logger.go:66:                   + directoryPathInContainer = (known after apply)
TestTerraformCompleteExample 2022-08-04T19:06:53Z logger.go:66:                   + globalLicense            = (known after apply)
TestTerraformCompleteExample 2022-08-04T19:06:53Z logger.go:66:                   + secretRef                = (known after apply)
TestTerraformCompleteExample 2022-08-04T19:06:53Z logger.go:66:                 }
TestTerraformCompleteExample 2022-08-04T19:06:53Z logger.go:66:               + logVolumeCapacity  = "10Gi"
TestTerraformCompleteExample 2022-08-04T19:06:53Z logger.go:66:               + metrics            = {
TestTerraformCompleteExample 2022-08-04T19:06:53Z logger.go:66:                   + authentication = {
TestTerraformCompleteExample 2022-08-04T19:06:53Z logger.go:66:                       + type = (known after apply)
TestTerraformCompleteExample 2022-08-04T19:06:53Z logger.go:66:                     }
TestTerraformCompleteExample 2022-08-04T19:06:53Z logger.go:66:                   + prometheus     = {
TestTerraformCompleteExample 2022-08-04T19:06:53Z logger.go:66:                       + blacklist = (known after apply)
TestTerraformCompleteExample 2022-08-04T19:06:53Z logger.go:66:                       + rules     = (known after apply)
TestTerraformCompleteExample 2022-08-04T19:06:53Z logger.go:66:                       + whitelist = (known after apply)
TestTerraformCompleteExample 2022-08-04T19:06:53Z logger.go:66:                     }
TestTerraformCompleteExample 2022-08-04T19:06:53Z logger.go:66:                   + tls            = {
TestTerraformCompleteExample 2022-08-04T19:06:53Z logger.go:66:                       + directoryPathInContainer = (known after apply)
TestTerraformCompleteExample 2022-08-04T19:06:53Z logger.go:66:                       + enabled                  = (known after apply)
TestTerraformCompleteExample 2022-08-04T19:06:53Z logger.go:66:                       + ignoreTrustStoreConfig   = (known after apply)
TestTerraformCompleteExample 2022-08-04T19:06:53Z logger.go:66:                       + jksPassword              = {
TestTerraformCompleteExample 2022-08-04T19:06:53Z logger.go:66:                           + secretRef = (known after apply)
TestTerraformCompleteExample 2022-08-04T19:06:53Z logger.go:66:                         }
TestTerraformCompleteExample 2022-08-04T19:06:53Z logger.go:66:                       + secretRef                = (known after apply)
TestTerraformCompleteExample 2022-08-04T19:06:53Z logger.go:66:                     }
TestTerraformCompleteExample 2022-08-04T19:06:53Z logger.go:66:                 }
TestTerraformCompleteExample 2022-08-04T19:06:53Z logger.go:66:               + mountedSecrets     = (known after apply)
TestTerraformCompleteExample 2022-08-04T19:06:53Z logger.go:66:               + mountedVolumes     = {
TestTerraformCompleteExample 2022-08-04T19:06:53Z logger.go:66:                   + volumeMounts = (known after apply)
TestTerraformCompleteExample 2022-08-04T19:06:53Z logger.go:66:                   + volumes      = (known after apply)
TestTerraformCompleteExample 2022-08-04T19:06:53Z logger.go:66:                 }
TestTerraformCompleteExample 2022-08-04T19:06:53Z logger.go:66:               + oneReplicaPerNode  = (known after apply)
TestTerraformCompleteExample 2022-08-04T19:06:53Z logger.go:66:               + podTemplate        = {
TestTerraformCompleteExample 2022-08-04T19:06:53Z logger.go:66:                   + affinity                      = {
TestTerraformCompleteExample 2022-08-04T19:06:53Z logger.go:66:                       + nodeAffinity    = {
TestTerraformCompleteExample 2022-08-04T19:06:53Z logger.go:66:                           + preferredDuringSchedulingIgnoredDuringExecution = (known after apply)
TestTerraformCompleteExample 2022-08-04T19:06:53Z logger.go:66:                           + requiredDuringSchedulingIgnoredDuringExecution  = {
TestTerraformCompleteExample 2022-08-04T19:06:53Z logger.go:66:                               + nodeSelectorTerms = (known after apply)
TestTerraformCompleteExample 2022-08-04T19:06:53Z logger.go:66:                             }
TestTerraformCompleteExample 2022-08-04T19:06:53Z logger.go:66:                         }
TestTerraformCompleteExample 2022-08-04T19:06:53Z logger.go:66:                       + podAffinity     = {
TestTerraformCompleteExample 2022-08-04T19:06:53Z logger.go:66:                           + preferredDuringSchedulingIgnoredDuringExecution = (known after apply)
TestTerraformCompleteExample 2022-08-04T19:06:53Z logger.go:66:                           + requiredDuringSchedulingIgnoredDuringExecution  = (known after apply)
TestTerraformCompleteExample 2022-08-04T19:06:53Z logger.go:66:                         }
TestTerraformCompleteExample 2022-08-04T19:06:53Z logger.go:66:                       + podAntiAffinity = {
TestTerraformCompleteExample 2022-08-04T19:06:53Z logger.go:66:                           + preferredDuringSchedulingIgnoredDuringExecution = (known after apply)
TestTerraformCompleteExample 2022-08-04T19:06:53Z logger.go:66:                           + requiredDuringSchedulingIgnoredDuringExecution  = (known after apply)
TestTerraformCompleteExample 2022-08-04T19:06:53Z logger.go:66:                         }
TestTerraformCompleteExample 2022-08-04T19:06:53Z logger.go:66:                     }
TestTerraformCompleteExample 2022-08-04T19:06:53Z logger.go:66:                   + annotations                   = (known after apply)
TestTerraformCompleteExample 2022-08-04T19:06:53Z logger.go:66:                   + envVars                       = (known after apply)
TestTerraformCompleteExample 2022-08-04T19:06:53Z logger.go:66:                   + labels                        = (known after apply)
TestTerraformCompleteExample 2022-08-04T19:06:53Z logger.go:66:                   + podSecurityContext            = {
TestTerraformCompleteExample 2022-08-04T19:06:53Z logger.go:66:                       + fsGroup             = (known after apply)
TestTerraformCompleteExample 2022-08-04T19:06:53Z logger.go:66:                       + fsGroupChangePolicy = (known after apply)
TestTerraformCompleteExample 2022-08-04T19:06:53Z logger.go:66:                       + runAsGroup          = (known after apply)
TestTerraformCompleteExample 2022-08-04T19:06:53Z logger.go:66:                       + runAsNonRoot        = (known after apply)
TestTerraformCompleteExample 2022-08-04T19:06:53Z logger.go:66:                       + runAsUser           = (known after apply)
TestTerraformCompleteExample 2022-08-04T19:06:53Z logger.go:66:                       + seLinuxOptions      = {
TestTerraformCompleteExample 2022-08-04T19:06:53Z logger.go:66:                           + level = (known after apply)
TestTerraformCompleteExample 2022-08-04T19:06:53Z logger.go:66:                           + role  = (known after apply)
TestTerraformCompleteExample 2022-08-04T19:06:53Z logger.go:66:                           + type  = (known after apply)
TestTerraformCompleteExample 2022-08-04T19:06:53Z logger.go:66:                           + user  = (known after apply)
TestTerraformCompleteExample 2022-08-04T19:06:53Z logger.go:66:                         }
TestTerraformCompleteExample 2022-08-04T19:06:53Z logger.go:66:                       + seccompProfile      = {
TestTerraformCompleteExample 2022-08-04T19:06:53Z logger.go:66:                           + localhostProfile = (known after apply)
TestTerraformCompleteExample 2022-08-04T19:06:53Z logger.go:66:                           + type             = (known after apply)
TestTerraformCompleteExample 2022-08-04T19:06:53Z logger.go:66:                         }
TestTerraformCompleteExample 2022-08-04T19:06:53Z logger.go:66:                       + supplementalGroups  = (known after apply)
TestTerraformCompleteExample 2022-08-04T19:06:53Z logger.go:66:                       + sysctls             = (known after apply)
TestTerraformCompleteExample 2022-08-04T19:06:53Z logger.go:66:                       + windowsOptions      = {
TestTerraformCompleteExample 2022-08-04T19:06:53Z logger.go:66:                           + gmsaCredentialSpec     = (known after apply)
TestTerraformCompleteExample 2022-08-04T19:06:53Z logger.go:66:                           + gmsaCredentialSpecName = (known after apply)
TestTerraformCompleteExample 2022-08-04T19:06:53Z logger.go:66:                           + hostProcess            = (known after apply)
TestTerraformCompleteExample 2022-08-04T19:06:53Z logger.go:66:                           + runAsUserName          = (known after apply)
TestTerraformCompleteExample 2022-08-04T19:06:53Z logger.go:66:                         }
TestTerraformCompleteExample 2022-08-04T19:06:53Z logger.go:66:                     }
TestTerraformCompleteExample 2022-08-04T19:06:53Z logger.go:66:                   + priorityClassName             = (known after apply)
TestTerraformCompleteExample 2022-08-04T19:06:53Z logger.go:66:                   + probe                         = {
TestTerraformCompleteExample 2022-08-04T19:06:53Z logger.go:66:                       + liveness  = {
TestTerraformCompleteExample 2022-08-04T19:06:53Z logger.go:66:                           + failureThreshold    = (known after apply)
TestTerraformCompleteExample 2022-08-04T19:06:53Z logger.go:66:                           + initialDelaySeconds = (known after apply)
TestTerraformCompleteExample 2022-08-04T19:06:53Z logger.go:66:                           + periodSeconds       = (known after apply)
TestTerraformCompleteExample 2022-08-04T19:06:53Z logger.go:66:                           + successThreshold    = (known after apply)
TestTerraformCompleteExample 2022-08-04T19:06:53Z logger.go:66:                           + timeoutSeconds      = (known after apply)
TestTerraformCompleteExample 2022-08-04T19:06:53Z logger.go:66:                         }
TestTerraformCompleteExample 2022-08-04T19:06:53Z logger.go:66:                       + readiness = {
TestTerraformCompleteExample 2022-08-04T19:06:53Z logger.go:66:                           + failureThreshold    = (known after apply)
TestTerraformCompleteExample 2022-08-04T19:06:53Z logger.go:66:                           + initialDelaySeconds = (known after apply)
TestTerraformCompleteExample 2022-08-04T19:06:53Z logger.go:66:                           + periodSeconds       = (known after apply)
TestTerraformCompleteExample 2022-08-04T19:06:53Z logger.go:66:                           + successThreshold    = (known after apply)
TestTerraformCompleteExample 2022-08-04T19:06:53Z logger.go:66:                           + timeoutSeconds      = (known after apply)
TestTerraformCompleteExample 2022-08-04T19:06:53Z logger.go:66:                         }
TestTerraformCompleteExample 2022-08-04T19:06:53Z logger.go:66:                     }
TestTerraformCompleteExample 2022-08-04T19:06:53Z logger.go:66:                   + resources                     = {
TestTerraformCompleteExample 2022-08-04T19:06:53Z logger.go:66:                       + limits   = (known after apply)
TestTerraformCompleteExample 2022-08-04T19:06:53Z logger.go:66:                       + requests = (known after apply)
TestTerraformCompleteExample 2022-08-04T19:06:53Z logger.go:66:                     }
TestTerraformCompleteExample 2022-08-04T19:06:53Z logger.go:66:                   + securityContext               = {
TestTerraformCompleteExample 2022-08-04T19:06:53Z logger.go:66:                       + allowPrivilegeEscalation = (known after apply)
TestTerraformCompleteExample 2022-08-04T19:06:53Z logger.go:66:                       + capabilities             = {
TestTerraformCompleteExample 2022-08-04T19:06:53Z logger.go:66:                           + add  = (known after apply)
TestTerraformCompleteExample 2022-08-04T19:06:53Z logger.go:66:                           + drop = (known after apply)
TestTerraformCompleteExample 2022-08-04T19:06:53Z logger.go:66:                         }
TestTerraformCompleteExample 2022-08-04T19:06:53Z logger.go:66:                       + privileged               = (known after apply)
TestTerraformCompleteExample 2022-08-04T19:06:53Z logger.go:66:                       + procMount                = (known after apply)
TestTerraformCompleteExample 2022-08-04T19:06:53Z logger.go:66:                       + readOnlyRootFilesystem   = (known after apply)
TestTerraformCompleteExample 2022-08-04T19:06:53Z logger.go:66:                       + runAsGroup               = (known after apply)
TestTerraformCompleteExample 2022-08-04T19:06:53Z logger.go:66:                       + runAsNonRoot             = (known after apply)
TestTerraformCompleteExample 2022-08-04T19:06:53Z logger.go:66:                       + runAsUser                = (known after apply)
TestTerraformCompleteExample 2022-08-04T19:06:53Z logger.go:66:                       + seLinuxOptions           = {
TestTerraformCompleteExample 2022-08-04T19:06:53Z logger.go:66:                           + level = (known after apply)
TestTerraformCompleteExample 2022-08-04T19:06:53Z logger.go:66:                           + role  = (known after apply)
TestTerraformCompleteExample 2022-08-04T19:06:53Z logger.go:66:                           + type  = (known after apply)
TestTerraformCompleteExample 2022-08-04T19:06:53Z logger.go:66:                           + user  = (known after apply)
TestTerraformCompleteExample 2022-08-04T19:06:53Z logger.go:66:                         }
TestTerraformCompleteExample 2022-08-04T19:06:53Z logger.go:66:                       + seccompProfile           = {
TestTerraformCompleteExample 2022-08-04T19:06:53Z logger.go:66:                           + localhostProfile = (known after apply)
TestTerraformCompleteExample 2022-08-04T19:06:53Z logger.go:66:                           + type             = (known after apply)
TestTerraformCompleteExample 2022-08-04T19:06:53Z logger.go:66:                         }
TestTerraformCompleteExample 2022-08-04T19:06:53Z logger.go:66:                       + windowsOptions           = {
TestTerraformCompleteExample 2022-08-04T19:06:53Z logger.go:66:                           + gmsaCredentialSpec     = (known after apply)
TestTerraformCompleteExample 2022-08-04T19:06:53Z logger.go:66:                           + gmsaCredentialSpecName = (known after apply)
TestTerraformCompleteExample 2022-08-04T19:06:53Z logger.go:66:                           + hostProcess            = (known after apply)
TestTerraformCompleteExample 2022-08-04T19:06:53Z logger.go:66:                           + runAsUserName          = (known after apply)
TestTerraformCompleteExample 2022-08-04T19:06:53Z logger.go:66:                         }
TestTerraformCompleteExample 2022-08-04T19:06:53Z logger.go:66:                     }
TestTerraformCompleteExample 2022-08-04T19:06:53Z logger.go:66:                   + serviceAccountName            = (known after apply)
TestTerraformCompleteExample 2022-08-04T19:06:53Z logger.go:66:                   + terminationGracePeriodSeconds = (known after apply)
TestTerraformCompleteExample 2022-08-04T19:06:53Z logger.go:66:                   + tolerations                   = (known after apply)
TestTerraformCompleteExample 2022-08-04T19:06:53Z logger.go:66:                   + topologySpreadConstraints     = (known after apply)
TestTerraformCompleteExample 2022-08-04T19:06:53Z logger.go:66:                 }
TestTerraformCompleteExample 2022-08-04T19:06:53Z logger.go:66:               + replicas           = 3
TestTerraformCompleteExample 2022-08-04T19:06:53Z logger.go:66:               + storageClass       = {
TestTerraformCompleteExample 2022-08-04T19:06:53Z logger.go:66:                   + name = (known after apply)
TestTerraformCompleteExample 2022-08-04T19:06:53Z logger.go:66:                 }
TestTerraformCompleteExample 2022-08-04T19:06:53Z logger.go:66:               + tls                = {
TestTerraformCompleteExample 2022-08-04T19:06:53Z logger.go:66:                   + autoGeneratedCerts       = (known after apply)
TestTerraformCompleteExample 2022-08-04T19:06:53Z logger.go:66:                   + directoryPathInContainer = (known after apply)
TestTerraformCompleteExample 2022-08-04T19:06:53Z logger.go:66:                   + ignoreTrustStoreConfig   = (known after apply)
TestTerraformCompleteExample 2022-08-04T19:06:53Z logger.go:66:                   + jksPassword              = {
TestTerraformCompleteExample 2022-08-04T19:06:53Z logger.go:66:                       + secretRef = (known after apply)
TestTerraformCompleteExample 2022-08-04T19:06:53Z logger.go:66:                     }
TestTerraformCompleteExample 2022-08-04T19:06:53Z logger.go:66:                   + secretRef                = (known after apply)
TestTerraformCompleteExample 2022-08-04T19:06:53Z logger.go:66:                 }
TestTerraformCompleteExample 2022-08-04T19:06:53Z logger.go:66:             }
TestTerraformCompleteExample 2022-08-04T19:06:53Z logger.go:66:         }
TestTerraformCompleteExample 2022-08-04T19:06:53Z logger.go:66:
TestTerraformCompleteExample 2022-08-04T19:06:53Z logger.go:66:       + timeouts {
TestTerraformCompleteExample 2022-08-04T19:06:53Z logger.go:66:           + create = "1h"
TestTerraformCompleteExample 2022-08-04T19:06:53Z logger.go:66:           + delete = "10m"
TestTerraformCompleteExample 2022-08-04T19:06:53Z logger.go:66:           + update = "1h"
TestTerraformCompleteExample 2022-08-04T19:06:53Z logger.go:66:         }
TestTerraformCompleteExample 2022-08-04T19:06:53Z logger.go:66:
TestTerraformCompleteExample 2022-08-04T19:06:53Z logger.go:66:       + wait {
TestTerraformCompleteExample 2022-08-04T19:06:53Z logger.go:66:           + fields = {
TestTerraformCompleteExample 2022-08-04T19:06:53Z logger.go:66:               + "status.phase" = "RUNNING"
TestTerraformCompleteExample 2022-08-04T19:06:53Z logger.go:66:             }
TestTerraformCompleteExample 2022-08-04T19:06:53Z logger.go:66:         }
TestTerraformCompleteExample 2022-08-04T19:06:53Z logger.go:66:     }
TestTerraformCompleteExample 2022-08-04T19:06:53Z logger.go:66:
TestTerraformCompleteExample 2022-08-04T19:06:53Z logger.go:66:   # module.confluent_platform.module.confluent_operator[0].helm_release.confluent_operator[0] will be created
TestTerraformCompleteExample 2022-08-04T19:06:53Z logger.go:66:   + resource "helm_release" "confluent_operator" {
TestTerraformCompleteExample 2022-08-04T19:06:53Z logger.go:66:       + atomic                     = false
TestTerraformCompleteExample 2022-08-04T19:06:53Z logger.go:66:       + chart                      = "confluent-for-kubernetes"
TestTerraformCompleteExample 2022-08-04T19:06:53Z logger.go:66:       + cleanup_on_fail            = false
TestTerraformCompleteExample 2022-08-04T19:06:53Z logger.go:66:       + create_namespace           = false
TestTerraformCompleteExample 2022-08-04T19:06:53Z logger.go:66:       + dependency_update          = false
TestTerraformCompleteExample 2022-08-04T19:06:53Z logger.go:66:       + disable_crd_hooks          = false
TestTerraformCompleteExample 2022-08-04T19:06:53Z logger.go:66:       + disable_openapi_validation = false
TestTerraformCompleteExample 2022-08-04T19:06:53Z logger.go:66:       + disable_webhooks           = false
TestTerraformCompleteExample 2022-08-04T19:06:53Z logger.go:66:       + force_update               = false
TestTerraformCompleteExample 2022-08-04T19:06:53Z logger.go:66:       + id                         = (known after apply)
TestTerraformCompleteExample 2022-08-04T19:06:53Z logger.go:66:       + lint                       = false
TestTerraformCompleteExample 2022-08-04T19:06:53Z logger.go:66:       + manifest                   = (known after apply)
TestTerraformCompleteExample 2022-08-04T19:06:53Z logger.go:66:       + max_history                = 0
TestTerraformCompleteExample 2022-08-04T19:06:53Z logger.go:66:       + metadata                   = (known after apply)
TestTerraformCompleteExample 2022-08-04T19:06:53Z logger.go:66:       + name                       = "confluent-operator"
TestTerraformCompleteExample 2022-08-04T19:06:53Z logger.go:66:       + namespace                  = "confluent"
TestTerraformCompleteExample 2022-08-04T19:06:53Z logger.go:66:       + pass_credentials           = false
TestTerraformCompleteExample 2022-08-04T19:06:53Z logger.go:66:       + recreate_pods              = false
TestTerraformCompleteExample 2022-08-04T19:06:53Z logger.go:66:       + render_subchart_notes      = true
TestTerraformCompleteExample 2022-08-04T19:06:53Z logger.go:66:       + replace                    = false
TestTerraformCompleteExample 2022-08-04T19:06:53Z logger.go:66:       + repository                 = "https://packages.confluent.io/helm"
TestTerraformCompleteExample 2022-08-04T19:06:53Z logger.go:66:       + reset_values               = false
TestTerraformCompleteExample 2022-08-04T19:06:53Z logger.go:66:       + reuse_values               = false
TestTerraformCompleteExample 2022-08-04T19:06:53Z logger.go:66:       + skip_crds                  = false
TestTerraformCompleteExample 2022-08-04T19:06:53Z logger.go:66:       + status                     = "deployed"
TestTerraformCompleteExample 2022-08-04T19:06:53Z logger.go:66:       + timeout                    = 300
TestTerraformCompleteExample 2022-08-04T19:06:53Z logger.go:66:       + values                     = []
TestTerraformCompleteExample 2022-08-04T19:06:53Z logger.go:66:       + verify                     = false
TestTerraformCompleteExample 2022-08-04T19:06:53Z logger.go:66:       + version                    = "0.517.12"
TestTerraformCompleteExample 2022-08-04T19:06:53Z logger.go:66:       + wait                       = true
TestTerraformCompleteExample 2022-08-04T19:06:53Z logger.go:66:       + wait_for_jobs              = true
TestTerraformCompleteExample 2022-08-04T19:06:53Z logger.go:66:     }
TestTerraformCompleteExample 2022-08-04T19:06:53Z logger.go:66:
TestTerraformCompleteExample 2022-08-04T19:06:53Z logger.go:66:   # module.confluent_platform.module.confluent_operator[0].kubernetes_namespace_v1.namespace[0] will be created
TestTerraformCompleteExample 2022-08-04T19:06:53Z logger.go:66:   + resource "kubernetes_namespace_v1" "namespace" {
TestTerraformCompleteExample 2022-08-04T19:06:53Z logger.go:66:       + id = (known after apply)
TestTerraformCompleteExample 2022-08-04T19:06:53Z logger.go:66:
TestTerraformCompleteExample 2022-08-04T19:06:53Z logger.go:66:       + metadata {
TestTerraformCompleteExample 2022-08-04T19:06:53Z logger.go:66:           + generation       = (known after apply)
TestTerraformCompleteExample 2022-08-04T19:06:53Z logger.go:66:           + name             = "confluent"
TestTerraformCompleteExample 2022-08-04T19:06:53Z logger.go:66:           + resource_version = (known after apply)
TestTerraformCompleteExample 2022-08-04T19:06:53Z logger.go:66:           + uid              = (known after apply)
TestTerraformCompleteExample 2022-08-04T19:06:53Z logger.go:66:         }
TestTerraformCompleteExample 2022-08-04T19:06:53Z logger.go:66:     }
TestTerraformCompleteExample 2022-08-04T19:06:53Z logger.go:66:
TestTerraformCompleteExample 2022-08-04T19:06:53Z logger.go:66:   # module.confluent_platform.module.connectors["pageviews-source"].data.kubernetes_resource.connector will be read during apply
TestTerraformCompleteExample 2022-08-04T19:06:53Z logger.go:66:   # (depends on a resource or a module with changes pending)
TestTerraformCompleteExample 2022-08-04T19:06:53Z logger.go:66:  <= data "kubernetes_resource" "connector" {
TestTerraformCompleteExample 2022-08-04T19:06:53Z logger.go:66:       + api_version = "platform.confluent.io/v1beta1"
TestTerraformCompleteExample 2022-08-04T19:06:53Z logger.go:66:       + kind        = "Connector"
TestTerraformCompleteExample 2022-08-04T19:06:53Z logger.go:66:       + object      = (known after apply)
TestTerraformCompleteExample 2022-08-04T19:06:53Z logger.go:66:
TestTerraformCompleteExample 2022-08-04T19:06:53Z logger.go:66:       + metadata {
TestTerraformCompleteExample 2022-08-04T19:06:53Z logger.go:66:           + name      = "pageviews-source"
TestTerraformCompleteExample 2022-08-04T19:06:53Z logger.go:66:           + namespace = "confluent"
TestTerraformCompleteExample 2022-08-04T19:06:53Z logger.go:66:         }
TestTerraformCompleteExample 2022-08-04T19:06:53Z logger.go:66:     }
TestTerraformCompleteExample 2022-08-04T19:06:53Z logger.go:66:
TestTerraformCompleteExample 2022-08-04T19:06:53Z logger.go:66:   # module.confluent_platform.module.connectors["pageviews-source"].kubernetes_manifest.connector will be created
TestTerraformCompleteExample 2022-08-04T19:06:53Z logger.go:66:   + resource "kubernetes_manifest" "connector" {
TestTerraformCompleteExample 2022-08-04T19:06:53Z logger.go:66:       + computed_fields = [
TestTerraformCompleteExample 2022-08-04T19:06:53Z logger.go:66:           + "metadata.finalizers",
TestTerraformCompleteExample 2022-08-04T19:06:53Z logger.go:66:         ]
TestTerraformCompleteExample 2022-08-04T19:06:53Z logger.go:66:       + manifest        = {
TestTerraformCompleteExample 2022-08-04T19:06:53Z logger.go:66:           + apiVersion = "platform.confluent.io/v1beta1"
TestTerraformCompleteExample 2022-08-04T19:06:53Z logger.go:66:           + kind       = "Connector"
TestTerraformCompleteExample 2022-08-04T19:06:53Z logger.go:66:           + metadata   = {
TestTerraformCompleteExample 2022-08-04T19:06:53Z logger.go:66:               + name      = "pageviews-source"
TestTerraformCompleteExample 2022-08-04T19:06:53Z logger.go:66:               + namespace = "confluent"
TestTerraformCompleteExample 2022-08-04T19:06:53Z logger.go:66:             }
TestTerraformCompleteExample 2022-08-04T19:06:53Z logger.go:66:           + spec       = {
TestTerraformCompleteExample 2022-08-04T19:06:53Z logger.go:66:               + class             = "io.confluent.kafka.connect.datagen.DatagenConnector"
TestTerraformCompleteExample 2022-08-04T19:06:53Z logger.go:66:               + configs           = {
TestTerraformCompleteExample 2022-08-04T19:06:53Z logger.go:66:                   + iterations                            = "10000000"
TestTerraformCompleteExample 2022-08-04T19:06:53Z logger.go:66:                   + "kafka.topic"                         = "pageviews"
TestTerraformCompleteExample 2022-08-04T19:06:53Z logger.go:66:                   + "key.converter"                       = "org.apache.kafka.connect.storage.StringConverter"
TestTerraformCompleteExample 2022-08-04T19:06:53Z logger.go:66:                   + "max.interval"                        = "100"
TestTerraformCompleteExample 2022-08-04T19:06:53Z logger.go:66:                   + quickstart                            = "pageviews"
TestTerraformCompleteExample 2022-08-04T19:06:53Z logger.go:66:                   + "value.converter"                     = "io.confluent.connect.avro.AvroConverter"
TestTerraformCompleteExample 2022-08-04T19:06:53Z logger.go:66:                   + "value.converter.schema.registry.url" = "http://schemaregistry.confluent.svc.cluster.local:8081"
TestTerraformCompleteExample 2022-08-04T19:06:53Z logger.go:66:                   + "value.converter.schemas.enable"      = "true"
TestTerraformCompleteExample 2022-08-04T19:06:53Z logger.go:66:                 }
TestTerraformCompleteExample 2022-08-04T19:06:53Z logger.go:66:               + connectClusterRef = {
TestTerraformCompleteExample 2022-08-04T19:06:53Z logger.go:66:                   + name = "connect"
TestTerraformCompleteExample 2022-08-04T19:06:53Z logger.go:66:                 }
TestTerraformCompleteExample 2022-08-04T19:06:53Z logger.go:66:               + taskMax           = 1
TestTerraformCompleteExample 2022-08-04T19:06:53Z logger.go:66:             }
TestTerraformCompleteExample 2022-08-04T19:06:53Z logger.go:66:         }
TestTerraformCompleteExample 2022-08-04T19:06:53Z logger.go:66:       + object          = {
TestTerraformCompleteExample 2022-08-04T19:06:53Z logger.go:66:           + apiVersion = "platform.confluent.io/v1beta1"
TestTerraformCompleteExample 2022-08-04T19:06:53Z logger.go:66:           + kind       = "Connector"
TestTerraformCompleteExample 2022-08-04T19:06:53Z logger.go:66:           + metadata   = {
TestTerraformCompleteExample 2022-08-04T19:06:53Z logger.go:66:               + annotations                = (known after apply)
TestTerraformCompleteExample 2022-08-04T19:06:53Z logger.go:66:               + clusterName                = (known after apply)
TestTerraformCompleteExample 2022-08-04T19:06:53Z logger.go:66:               + creationTimestamp          = (known after apply)
TestTerraformCompleteExample 2022-08-04T19:06:53Z logger.go:66:               + deletionGracePeriodSeconds = (known after apply)
TestTerraformCompleteExample 2022-08-04T19:06:53Z logger.go:66:               + deletionTimestamp          = (known after apply)
TestTerraformCompleteExample 2022-08-04T19:06:53Z logger.go:66:               + finalizers                 = (known after apply)
TestTerraformCompleteExample 2022-08-04T19:06:53Z logger.go:66:               + generateName               = (known after apply)
TestTerraformCompleteExample 2022-08-04T19:06:53Z logger.go:66:               + generation                 = (known after apply)
TestTerraformCompleteExample 2022-08-04T19:06:53Z logger.go:66:               + labels                     = (known after apply)
TestTerraformCompleteExample 2022-08-04T19:06:53Z logger.go:66:               + managedFields              = (known after apply)
TestTerraformCompleteExample 2022-08-04T19:06:53Z logger.go:66:               + name                       = "pageviews-source"
TestTerraformCompleteExample 2022-08-04T19:06:53Z logger.go:66:               + namespace                  = "confluent"
TestTerraformCompleteExample 2022-08-04T19:06:53Z logger.go:66:               + ownerReferences            = (known after apply)
TestTerraformCompleteExample 2022-08-04T19:06:53Z logger.go:66:               + resourceVersion            = (known after apply)
TestTerraformCompleteExample 2022-08-04T19:06:53Z logger.go:66:               + selfLink                   = (known after apply)
TestTerraformCompleteExample 2022-08-04T19:06:53Z logger.go:66:               + uid                        = (known after apply)
TestTerraformCompleteExample 2022-08-04T19:06:53Z logger.go:66:             }
TestTerraformCompleteExample 2022-08-04T19:06:53Z logger.go:66:           + spec       = {
TestTerraformCompleteExample 2022-08-04T19:06:53Z logger.go:66:               + class             = "io.confluent.kafka.connect.datagen.DatagenConnector"
TestTerraformCompleteExample 2022-08-04T19:06:53Z logger.go:66:               + configs           = {
TestTerraformCompleteExample 2022-08-04T19:06:53Z logger.go:66:                   + "iterations"                          = "10000000"
TestTerraformCompleteExample 2022-08-04T19:06:53Z logger.go:66:                   + "kafka.topic"                         = "pageviews"
TestTerraformCompleteExample 2022-08-04T19:06:53Z logger.go:66:                   + "key.converter"                       = "org.apache.kafka.connect.storage.StringConverter"
TestTerraformCompleteExample 2022-08-04T19:06:53Z logger.go:66:                   + "max.interval"                        = "100"
TestTerraformCompleteExample 2022-08-04T19:06:53Z logger.go:66:                   + "quickstart"                          = "pageviews"
TestTerraformCompleteExample 2022-08-04T19:06:53Z logger.go:66:                   + "value.converter"                     = "io.confluent.connect.avro.AvroConverter"
TestTerraformCompleteExample 2022-08-04T19:06:53Z logger.go:66:                   + "value.converter.schema.registry.url" = "http://schemaregistry.confluent.svc.cluster.local:8081"
TestTerraformCompleteExample 2022-08-04T19:06:53Z logger.go:66:                   + "value.converter.schemas.enable"      = "true"
TestTerraformCompleteExample 2022-08-04T19:06:53Z logger.go:66:                 }
TestTerraformCompleteExample 2022-08-04T19:06:53Z logger.go:66:               + connectClusterRef = {
TestTerraformCompleteExample 2022-08-04T19:06:53Z logger.go:66:                   + name      = "connect"
TestTerraformCompleteExample 2022-08-04T19:06:53Z logger.go:66:                   + namespace = (known after apply)
TestTerraformCompleteExample 2022-08-04T19:06:53Z logger.go:66:                 }
TestTerraformCompleteExample 2022-08-04T19:06:53Z logger.go:66:               + connectRest       = {
TestTerraformCompleteExample 2022-08-04T19:06:53Z logger.go:66:                   + authentication = {
TestTerraformCompleteExample 2022-08-04T19:06:53Z logger.go:66:                       + basic  = {
TestTerraformCompleteExample 2022-08-04T19:06:53Z logger.go:66:                           + debug                    = (known after apply)
TestTerraformCompleteExample 2022-08-04T19:06:53Z logger.go:66:                           + directoryPathInContainer = (known after apply)
TestTerraformCompleteExample 2022-08-04T19:06:53Z logger.go:66:                           + restrictedRoles          = (known after apply)
TestTerraformCompleteExample 2022-08-04T19:06:53Z logger.go:66:                           + roles                    = (known after apply)
TestTerraformCompleteExample 2022-08-04T19:06:53Z logger.go:66:                           + secretRef                = (known after apply)
TestTerraformCompleteExample 2022-08-04T19:06:53Z logger.go:66:                         }
TestTerraformCompleteExample 2022-08-04T19:06:53Z logger.go:66:                       + bearer = {
TestTerraformCompleteExample 2022-08-04T19:06:53Z logger.go:66:                           + directoryPathInContainer = (known after apply)
TestTerraformCompleteExample 2022-08-04T19:06:53Z logger.go:66:                           + secretRef                = (known after apply)
TestTerraformCompleteExample 2022-08-04T19:06:53Z logger.go:66:                         }
TestTerraformCompleteExample 2022-08-04T19:06:53Z logger.go:66:                       + type   = (known after apply)
TestTerraformCompleteExample 2022-08-04T19:06:53Z logger.go:66:                     }
TestTerraformCompleteExample 2022-08-04T19:06:53Z logger.go:66:                   + endpoint       = (known after apply)
TestTerraformCompleteExample 2022-08-04T19:06:53Z logger.go:66:                   + kafkaClusterID = (known after apply)
TestTerraformCompleteExample 2022-08-04T19:06:53Z logger.go:66:                   + tls            = {
TestTerraformCompleteExample 2022-08-04T19:06:53Z logger.go:66:                       + directoryPathInContainer = (known after apply)
TestTerraformCompleteExample 2022-08-04T19:06:53Z logger.go:66:                       + jksPassword              = {
TestTerraformCompleteExample 2022-08-04T19:06:53Z logger.go:66:                           + secretRef = (known after apply)
TestTerraformCompleteExample 2022-08-04T19:06:53Z logger.go:66:                         }
TestTerraformCompleteExample 2022-08-04T19:06:53Z logger.go:66:                       + secretRef                = (known after apply)
TestTerraformCompleteExample 2022-08-04T19:06:53Z logger.go:66:                     }
TestTerraformCompleteExample 2022-08-04T19:06:53Z logger.go:66:                 }
TestTerraformCompleteExample 2022-08-04T19:06:53Z logger.go:66:               + name              = (known after apply)
TestTerraformCompleteExample 2022-08-04T19:06:53Z logger.go:66:               + restartPolicy     = {
TestTerraformCompleteExample 2022-08-04T19:06:53Z logger.go:66:                   + maxRetry = (known after apply)
TestTerraformCompleteExample 2022-08-04T19:06:53Z logger.go:66:                   + type     = (known after apply)
TestTerraformCompleteExample 2022-08-04T19:06:53Z logger.go:66:                 }
TestTerraformCompleteExample 2022-08-04T19:06:53Z logger.go:66:               + taskMax           = 1
TestTerraformCompleteExample 2022-08-04T19:06:53Z logger.go:66:             }
TestTerraformCompleteExample 2022-08-04T19:06:53Z logger.go:66:         }
TestTerraformCompleteExample 2022-08-04T19:06:53Z logger.go:66:
TestTerraformCompleteExample 2022-08-04T19:06:53Z logger.go:66:       + timeouts {
TestTerraformCompleteExample 2022-08-04T19:06:53Z logger.go:66:           + create = "10m"
TestTerraformCompleteExample 2022-08-04T19:06:53Z logger.go:66:           + delete = "10m"
TestTerraformCompleteExample 2022-08-04T19:06:53Z logger.go:66:           + update = "10m"
TestTerraformCompleteExample 2022-08-04T19:06:53Z logger.go:66:         }
TestTerraformCompleteExample 2022-08-04T19:06:53Z logger.go:66:
TestTerraformCompleteExample 2022-08-04T19:06:53Z logger.go:66:       + wait {
TestTerraformCompleteExample 2022-08-04T19:06:53Z logger.go:66:           + fields = {
TestTerraformCompleteExample 2022-08-04T19:06:53Z logger.go:66:               + "status.state" = "CREATED"
TestTerraformCompleteExample 2022-08-04T19:06:53Z logger.go:66:             }
TestTerraformCompleteExample 2022-08-04T19:06:53Z logger.go:66:         }
TestTerraformCompleteExample 2022-08-04T19:06:53Z logger.go:66:     }
TestTerraformCompleteExample 2022-08-04T19:06:53Z logger.go:66:
TestTerraformCompleteExample 2022-08-04T19:06:53Z logger.go:66:   # module.confluent_platform.module.kafka_topics["my-other-topic"].data.kubernetes_resource.topic will be read during apply
TestTerraformCompleteExample 2022-08-04T19:06:53Z logger.go:66:   # (depends on a resource or a module with changes pending)
TestTerraformCompleteExample 2022-08-04T19:06:53Z logger.go:66:  <= data "kubernetes_resource" "topic" {
TestTerraformCompleteExample 2022-08-04T19:06:53Z logger.go:66:       + api_version = "platform.confluent.io/v1beta1"
TestTerraformCompleteExample 2022-08-04T19:06:53Z logger.go:66:       + kind        = "KafkaTopic"
TestTerraformCompleteExample 2022-08-04T19:06:53Z logger.go:66:       + object      = (known after apply)
TestTerraformCompleteExample 2022-08-04T19:06:53Z logger.go:66:
TestTerraformCompleteExample 2022-08-04T19:06:53Z logger.go:66:       + metadata {
TestTerraformCompleteExample 2022-08-04T19:06:53Z logger.go:66:           + name      = "my-other-topic"
TestTerraformCompleteExample 2022-08-04T19:06:53Z logger.go:66:           + namespace = "confluent"
TestTerraformCompleteExample 2022-08-04T19:06:53Z logger.go:66:         }
TestTerraformCompleteExample 2022-08-04T19:06:53Z logger.go:66:     }
TestTerraformCompleteExample 2022-08-04T19:06:53Z logger.go:66:
TestTerraformCompleteExample 2022-08-04T19:06:53Z logger.go:66:   # module.confluent_platform.module.kafka_topics["my-other-topic"].kubernetes_manifest.topic will be created
TestTerraformCompleteExample 2022-08-04T19:06:53Z logger.go:66:   + resource "kubernetes_manifest" "topic" {
TestTerraformCompleteExample 2022-08-04T19:06:53Z logger.go:66:       + computed_fields = [
TestTerraformCompleteExample 2022-08-04T19:06:53Z logger.go:66:           + "metadata.finalizers",
TestTerraformCompleteExample 2022-08-04T19:06:53Z logger.go:66:         ]
TestTerraformCompleteExample 2022-08-04T19:06:53Z logger.go:66:       + manifest        = {
TestTerraformCompleteExample 2022-08-04T19:06:53Z logger.go:66:           + apiVersion = "platform.confluent.io/v1beta1"
TestTerraformCompleteExample 2022-08-04T19:06:53Z logger.go:66:           + kind       = "KafkaTopic"
TestTerraformCompleteExample 2022-08-04T19:06:53Z logger.go:66:           + metadata   = {
TestTerraformCompleteExample 2022-08-04T19:06:53Z logger.go:66:               + name      = "my-other-topic"
TestTerraformCompleteExample 2022-08-04T19:06:53Z logger.go:66:               + namespace = "confluent"
TestTerraformCompleteExample 2022-08-04T19:06:53Z logger.go:66:             }
TestTerraformCompleteExample 2022-08-04T19:06:53Z logger.go:66:           + spec       = {
TestTerraformCompleteExample 2022-08-04T19:06:53Z logger.go:66:               + configs        = {
TestTerraformCompleteExample 2022-08-04T19:06:53Z logger.go:66:                   + "cleanup.policy" = "compact"
TestTerraformCompleteExample 2022-08-04T19:06:53Z logger.go:66:                 }
TestTerraformCompleteExample 2022-08-04T19:06:53Z logger.go:66:               + partitionCount = 3
TestTerraformCompleteExample 2022-08-04T19:06:53Z logger.go:66:               + replicas       = 3
TestTerraformCompleteExample 2022-08-04T19:06:53Z logger.go:66:             }
TestTerraformCompleteExample 2022-08-04T19:06:53Z logger.go:66:         }
TestTerraformCompleteExample 2022-08-04T19:06:53Z logger.go:66:       + object          = {
TestTerraformCompleteExample 2022-08-04T19:06:53Z logger.go:66:           + apiVersion = "platform.confluent.io/v1beta1"
TestTerraformCompleteExample 2022-08-04T19:06:53Z logger.go:66:           + kind       = "KafkaTopic"
TestTerraformCompleteExample 2022-08-04T19:06:53Z logger.go:66:           + metadata   = {
TestTerraformCompleteExample 2022-08-04T19:06:53Z logger.go:66:               + annotations                = (known after apply)
TestTerraformCompleteExample 2022-08-04T19:06:53Z logger.go:66:               + clusterName                = (known after apply)
TestTerraformCompleteExample 2022-08-04T19:06:53Z logger.go:66:               + creationTimestamp          = (known after apply)
TestTerraformCompleteExample 2022-08-04T19:06:53Z logger.go:66:               + deletionGracePeriodSeconds = (known after apply)
TestTerraformCompleteExample 2022-08-04T19:06:53Z logger.go:66:               + deletionTimestamp          = (known after apply)
TestTerraformCompleteExample 2022-08-04T19:06:53Z logger.go:66:               + finalizers                 = (known after apply)
TestTerraformCompleteExample 2022-08-04T19:06:53Z logger.go:66:               + generateName               = (known after apply)
TestTerraformCompleteExample 2022-08-04T19:06:53Z logger.go:66:               + generation                 = (known after apply)
TestTerraformCompleteExample 2022-08-04T19:06:53Z logger.go:66:               + labels                     = (known after apply)
TestTerraformCompleteExample 2022-08-04T19:06:53Z logger.go:66:               + managedFields              = (known after apply)
TestTerraformCompleteExample 2022-08-04T19:06:53Z logger.go:66:               + name                       = "my-other-topic"
TestTerraformCompleteExample 2022-08-04T19:06:53Z logger.go:66:               + namespace                  = "confluent"
TestTerraformCompleteExample 2022-08-04T19:06:53Z logger.go:66:               + ownerReferences            = (known after apply)
TestTerraformCompleteExample 2022-08-04T19:06:53Z logger.go:66:               + resourceVersion            = (known after apply)
TestTerraformCompleteExample 2022-08-04T19:06:53Z logger.go:66:               + selfLink                   = (known after apply)
TestTerraformCompleteExample 2022-08-04T19:06:53Z logger.go:66:               + uid                        = (known after apply)
TestTerraformCompleteExample 2022-08-04T19:06:53Z logger.go:66:             }
TestTerraformCompleteExample 2022-08-04T19:06:53Z logger.go:66:           + spec       = {
TestTerraformCompleteExample 2022-08-04T19:06:53Z logger.go:66:               + configs           = {
TestTerraformCompleteExample 2022-08-04T19:06:53Z logger.go:66:                   + "cleanup.policy" = "compact"
TestTerraformCompleteExample 2022-08-04T19:06:53Z logger.go:66:                 }
TestTerraformCompleteExample 2022-08-04T19:06:53Z logger.go:66:               + kafkaClusterRef   = {
TestTerraformCompleteExample 2022-08-04T19:06:53Z logger.go:66:                   + name      = (known after apply)
TestTerraformCompleteExample 2022-08-04T19:06:53Z logger.go:66:                   + namespace = (known after apply)
TestTerraformCompleteExample 2022-08-04T19:06:53Z logger.go:66:                 }
TestTerraformCompleteExample 2022-08-04T19:06:53Z logger.go:66:               + kafkaRest         = {
TestTerraformCompleteExample 2022-08-04T19:06:53Z logger.go:66:                   + authentication = {
TestTerraformCompleteExample 2022-08-04T19:06:53Z logger.go:66:                       + basic  = {
TestTerraformCompleteExample 2022-08-04T19:06:53Z logger.go:66:                           + debug                    = (known after apply)
TestTerraformCompleteExample 2022-08-04T19:06:53Z logger.go:66:                           + directoryPathInContainer = (known after apply)
TestTerraformCompleteExample 2022-08-04T19:06:53Z logger.go:66:                           + restrictedRoles          = (known after apply)
TestTerraformCompleteExample 2022-08-04T19:06:53Z logger.go:66:                           + roles                    = (known after apply)
TestTerraformCompleteExample 2022-08-04T19:06:53Z logger.go:66:                           + secretRef                = (known after apply)
TestTerraformCompleteExample 2022-08-04T19:06:53Z logger.go:66:                         }
TestTerraformCompleteExample 2022-08-04T19:06:53Z logger.go:66:                       + bearer = {
TestTerraformCompleteExample 2022-08-04T19:06:53Z logger.go:66:                           + directoryPathInContainer = (known after apply)
TestTerraformCompleteExample 2022-08-04T19:06:53Z logger.go:66:                           + secretRef                = (known after apply)
TestTerraformCompleteExample 2022-08-04T19:06:53Z logger.go:66:                         }
TestTerraformCompleteExample 2022-08-04T19:06:53Z logger.go:66:                       + type   = (known after apply)
TestTerraformCompleteExample 2022-08-04T19:06:53Z logger.go:66:                     }
TestTerraformCompleteExample 2022-08-04T19:06:53Z logger.go:66:                   + endpoint       = (known after apply)
TestTerraformCompleteExample 2022-08-04T19:06:53Z logger.go:66:                   + kafkaClusterID = (known after apply)
TestTerraformCompleteExample 2022-08-04T19:06:53Z logger.go:66:                   + tls            = {
TestTerraformCompleteExample 2022-08-04T19:06:53Z logger.go:66:                       + directoryPathInContainer = (known after apply)
TestTerraformCompleteExample 2022-08-04T19:06:53Z logger.go:66:                       + jksPassword              = {
TestTerraformCompleteExample 2022-08-04T19:06:53Z logger.go:66:                           + secretRef = (known after apply)
TestTerraformCompleteExample 2022-08-04T19:06:53Z logger.go:66:                         }
TestTerraformCompleteExample 2022-08-04T19:06:53Z logger.go:66:                       + secretRef                = (known after apply)
TestTerraformCompleteExample 2022-08-04T19:06:53Z logger.go:66:                     }
TestTerraformCompleteExample 2022-08-04T19:06:53Z logger.go:66:                 }
TestTerraformCompleteExample 2022-08-04T19:06:53Z logger.go:66:               + kafkaRestClassRef = {
TestTerraformCompleteExample 2022-08-04T19:06:53Z logger.go:66:                   + name      = (known after apply)
TestTerraformCompleteExample 2022-08-04T19:06:53Z logger.go:66:                   + namespace = (known after apply)
TestTerraformCompleteExample 2022-08-04T19:06:53Z logger.go:66:                 }
TestTerraformCompleteExample 2022-08-04T19:06:53Z logger.go:66:               + name              = (known after apply)
TestTerraformCompleteExample 2022-08-04T19:06:53Z logger.go:66:               + partitionCount    = 3
TestTerraformCompleteExample 2022-08-04T19:06:53Z logger.go:66:               + replicas          = 3
TestTerraformCompleteExample 2022-08-04T19:06:53Z logger.go:66:             }
TestTerraformCompleteExample 2022-08-04T19:06:53Z logger.go:66:         }
TestTerraformCompleteExample 2022-08-04T19:06:53Z logger.go:66:
TestTerraformCompleteExample 2022-08-04T19:06:53Z logger.go:66:       + timeouts {
TestTerraformCompleteExample 2022-08-04T19:06:53Z logger.go:66:           + create = "10m"
TestTerraformCompleteExample 2022-08-04T19:06:53Z logger.go:66:           + delete = "10m"
TestTerraformCompleteExample 2022-08-04T19:06:53Z logger.go:66:           + update = "10m"
TestTerraformCompleteExample 2022-08-04T19:06:53Z logger.go:66:         }
TestTerraformCompleteExample 2022-08-04T19:06:53Z logger.go:66:
TestTerraformCompleteExample 2022-08-04T19:06:53Z logger.go:66:       + wait {
TestTerraformCompleteExample 2022-08-04T19:06:53Z logger.go:66:           + fields = {
TestTerraformCompleteExample 2022-08-04T19:06:53Z logger.go:66:               + "status.state" = "CREATED"
TestTerraformCompleteExample 2022-08-04T19:06:53Z logger.go:66:             }
TestTerraformCompleteExample 2022-08-04T19:06:53Z logger.go:66:         }
TestTerraformCompleteExample 2022-08-04T19:06:53Z logger.go:66:     }
TestTerraformCompleteExample 2022-08-04T19:06:53Z logger.go:66:
TestTerraformCompleteExample 2022-08-04T19:06:53Z logger.go:66:   # module.confluent_platform.module.kafka_topics["pageviews"].data.kubernetes_resource.topic will be read during apply
TestTerraformCompleteExample 2022-08-04T19:06:53Z logger.go:66:   # (depends on a resource or a module with changes pending)
TestTerraformCompleteExample 2022-08-04T19:06:53Z logger.go:66:  <= data "kubernetes_resource" "topic" {
TestTerraformCompleteExample 2022-08-04T19:06:53Z logger.go:66:       + api_version = "platform.confluent.io/v1beta1"
TestTerraformCompleteExample 2022-08-04T19:06:53Z logger.go:66:       + kind        = "KafkaTopic"
TestTerraformCompleteExample 2022-08-04T19:06:53Z logger.go:66:       + object      = (known after apply)
TestTerraformCompleteExample 2022-08-04T19:06:53Z logger.go:66:
TestTerraformCompleteExample 2022-08-04T19:06:53Z logger.go:66:       + metadata {
TestTerraformCompleteExample 2022-08-04T19:06:53Z logger.go:66:           + name      = "pageviews"
TestTerraformCompleteExample 2022-08-04T19:06:53Z logger.go:66:           + namespace = "confluent"
TestTerraformCompleteExample 2022-08-04T19:06:53Z logger.go:66:         }
TestTerraformCompleteExample 2022-08-04T19:06:53Z logger.go:66:     }
TestTerraformCompleteExample 2022-08-04T19:06:53Z logger.go:66:
TestTerraformCompleteExample 2022-08-04T19:06:53Z logger.go:66:   # module.confluent_platform.module.kafka_topics["pageviews"].kubernetes_manifest.topic will be created
TestTerraformCompleteExample 2022-08-04T19:06:53Z logger.go:66:   + resource "kubernetes_manifest" "topic" {
TestTerraformCompleteExample 2022-08-04T19:06:53Z logger.go:66:       + computed_fields = [
TestTerraformCompleteExample 2022-08-04T19:06:53Z logger.go:66:           + "metadata.finalizers",
TestTerraformCompleteExample 2022-08-04T19:06:53Z logger.go:66:         ]
TestTerraformCompleteExample 2022-08-04T19:06:53Z logger.go:66:       + manifest        = {
TestTerraformCompleteExample 2022-08-04T19:06:53Z logger.go:66:           + apiVersion = "platform.confluent.io/v1beta1"
TestTerraformCompleteExample 2022-08-04T19:06:53Z logger.go:66:           + kind       = "KafkaTopic"
TestTerraformCompleteExample 2022-08-04T19:06:53Z logger.go:66:           + metadata   = {
TestTerraformCompleteExample 2022-08-04T19:06:53Z logger.go:66:               + name      = "pageviews"
TestTerraformCompleteExample 2022-08-04T19:06:53Z logger.go:66:               + namespace = "confluent"
TestTerraformCompleteExample 2022-08-04T19:06:53Z logger.go:66:             }
TestTerraformCompleteExample 2022-08-04T19:06:53Z logger.go:66:           + spec       = {
TestTerraformCompleteExample 2022-08-04T19:06:53Z logger.go:66:               + configs        = {
TestTerraformCompleteExample 2022-08-04T19:06:53Z logger.go:66:                   + "cleanup.policy" = "delete"
TestTerraformCompleteExample 2022-08-04T19:06:53Z logger.go:66:                 }
TestTerraformCompleteExample 2022-08-04T19:06:53Z logger.go:66:               + partitionCount = 3
TestTerraformCompleteExample 2022-08-04T19:06:53Z logger.go:66:               + replicas       = 3
TestTerraformCompleteExample 2022-08-04T19:06:53Z logger.go:66:             }
TestTerraformCompleteExample 2022-08-04T19:06:53Z logger.go:66:         }
TestTerraformCompleteExample 2022-08-04T19:06:53Z logger.go:66:       + object          = {
TestTerraformCompleteExample 2022-08-04T19:06:53Z logger.go:66:           + apiVersion = "platform.confluent.io/v1beta1"
TestTerraformCompleteExample 2022-08-04T19:06:53Z logger.go:66:           + kind       = "KafkaTopic"
TestTerraformCompleteExample 2022-08-04T19:06:53Z logger.go:66:           + metadata   = {
TestTerraformCompleteExample 2022-08-04T19:06:53Z logger.go:66:               + annotations                = (known after apply)
TestTerraformCompleteExample 2022-08-04T19:06:53Z logger.go:66:               + clusterName                = (known after apply)
TestTerraformCompleteExample 2022-08-04T19:06:53Z logger.go:66:               + creationTimestamp          = (known after apply)
TestTerraformCompleteExample 2022-08-04T19:06:53Z logger.go:66:               + deletionGracePeriodSeconds = (known after apply)
TestTerraformCompleteExample 2022-08-04T19:06:53Z logger.go:66:               + deletionTimestamp          = (known after apply)
TestTerraformCompleteExample 2022-08-04T19:06:53Z logger.go:66:               + finalizers                 = (known after apply)
TestTerraformCompleteExample 2022-08-04T19:06:53Z logger.go:66:               + generateName               = (known after apply)
TestTerraformCompleteExample 2022-08-04T19:06:53Z logger.go:66:               + generation                 = (known after apply)
TestTerraformCompleteExample 2022-08-04T19:06:53Z logger.go:66:               + labels                     = (known after apply)
TestTerraformCompleteExample 2022-08-04T19:06:53Z logger.go:66:               + managedFields              = (known after apply)
TestTerraformCompleteExample 2022-08-04T19:06:53Z logger.go:66:               + name                       = "pageviews"
TestTerraformCompleteExample 2022-08-04T19:06:53Z logger.go:66:               + namespace                  = "confluent"
TestTerraformCompleteExample 2022-08-04T19:06:53Z logger.go:66:               + ownerReferences            = (known after apply)
TestTerraformCompleteExample 2022-08-04T19:06:53Z logger.go:66:               + resourceVersion            = (known after apply)
TestTerraformCompleteExample 2022-08-04T19:06:53Z logger.go:66:               + selfLink                   = (known after apply)
TestTerraformCompleteExample 2022-08-04T19:06:53Z logger.go:66:               + uid                        = (known after apply)
TestTerraformCompleteExample 2022-08-04T19:06:53Z logger.go:66:             }
TestTerraformCompleteExample 2022-08-04T19:06:53Z logger.go:66:           + spec       = {
TestTerraformCompleteExample 2022-08-04T19:06:53Z logger.go:66:               + configs           = {
TestTerraformCompleteExample 2022-08-04T19:06:53Z logger.go:66:                   + "cleanup.policy" = "delete"
TestTerraformCompleteExample 2022-08-04T19:06:53Z logger.go:66:                 }
TestTerraformCompleteExample 2022-08-04T19:06:53Z logger.go:66:               + kafkaClusterRef   = {
TestTerraformCompleteExample 2022-08-04T19:06:53Z logger.go:66:                   + name      = (known after apply)
TestTerraformCompleteExample 2022-08-04T19:06:53Z logger.go:66:                   + namespace = (known after apply)
TestTerraformCompleteExample 2022-08-04T19:06:53Z logger.go:66:                 }
TestTerraformCompleteExample 2022-08-04T19:06:53Z logger.go:66:               + kafkaRest         = {
TestTerraformCompleteExample 2022-08-04T19:06:53Z logger.go:66:                   + authentication = {
TestTerraformCompleteExample 2022-08-04T19:06:53Z logger.go:66:                       + basic  = {
TestTerraformCompleteExample 2022-08-04T19:06:53Z logger.go:66:                           + debug                    = (known after apply)
TestTerraformCompleteExample 2022-08-04T19:06:53Z logger.go:66:                           + directoryPathInContainer = (known after apply)
TestTerraformCompleteExample 2022-08-04T19:06:53Z logger.go:66:                           + restrictedRoles          = (known after apply)
TestTerraformCompleteExample 2022-08-04T19:06:53Z logger.go:66:                           + roles                    = (known after apply)
TestTerraformCompleteExample 2022-08-04T19:06:53Z logger.go:66:                           + secretRef                = (known after apply)
TestTerraformCompleteExample 2022-08-04T19:06:53Z logger.go:66:                         }
TestTerraformCompleteExample 2022-08-04T19:06:53Z logger.go:66:                       + bearer = {
TestTerraformCompleteExample 2022-08-04T19:06:53Z logger.go:66:                           + directoryPathInContainer = (known after apply)
TestTerraformCompleteExample 2022-08-04T19:06:53Z logger.go:66:                           + secretRef                = (known after apply)
TestTerraformCompleteExample 2022-08-04T19:06:53Z logger.go:66:                         }
TestTerraformCompleteExample 2022-08-04T19:06:53Z logger.go:66:                       + type   = (known after apply)
TestTerraformCompleteExample 2022-08-04T19:06:53Z logger.go:66:                     }
TestTerraformCompleteExample 2022-08-04T19:06:53Z logger.go:66:                   + endpoint       = (known after apply)
TestTerraformCompleteExample 2022-08-04T19:06:53Z logger.go:66:                   + kafkaClusterID = (known after apply)
TestTerraformCompleteExample 2022-08-04T19:06:53Z logger.go:66:                   + tls            = {
TestTerraformCompleteExample 2022-08-04T19:06:53Z logger.go:66:                       + directoryPathInContainer = (known after apply)
TestTerraformCompleteExample 2022-08-04T19:06:53Z logger.go:66:                       + jksPassword              = {
TestTerraformCompleteExample 2022-08-04T19:06:53Z logger.go:66:                           + secretRef = (known after apply)
TestTerraformCompleteExample 2022-08-04T19:06:53Z logger.go:66:                         }
TestTerraformCompleteExample 2022-08-04T19:06:53Z logger.go:66:                       + secretRef                = (known after apply)
TestTerraformCompleteExample 2022-08-04T19:06:53Z logger.go:66:                     }
TestTerraformCompleteExample 2022-08-04T19:06:53Z logger.go:66:                 }
TestTerraformCompleteExample 2022-08-04T19:06:53Z logger.go:66:               + kafkaRestClassRef = {
TestTerraformCompleteExample 2022-08-04T19:06:53Z logger.go:66:                   + name      = (known after apply)
TestTerraformCompleteExample 2022-08-04T19:06:53Z logger.go:66:                   + namespace = (known after apply)
TestTerraformCompleteExample 2022-08-04T19:06:53Z logger.go:66:                 }
TestTerraformCompleteExample 2022-08-04T19:06:53Z logger.go:66:               + name              = (known after apply)
TestTerraformCompleteExample 2022-08-04T19:06:53Z logger.go:66:               + partitionCount    = 3
TestTerraformCompleteExample 2022-08-04T19:06:53Z logger.go:66:               + replicas          = 3
TestTerraformCompleteExample 2022-08-04T19:06:53Z logger.go:66:             }
TestTerraformCompleteExample 2022-08-04T19:06:53Z logger.go:66:         }
TestTerraformCompleteExample 2022-08-04T19:06:53Z logger.go:66:
TestTerraformCompleteExample 2022-08-04T19:06:53Z logger.go:66:       + timeouts {
TestTerraformCompleteExample 2022-08-04T19:06:53Z logger.go:66:           + create = "10m"
TestTerraformCompleteExample 2022-08-04T19:06:53Z logger.go:66:           + delete = "10m"
TestTerraformCompleteExample 2022-08-04T19:06:53Z logger.go:66:           + update = "10m"
TestTerraformCompleteExample 2022-08-04T19:06:53Z logger.go:66:         }
TestTerraformCompleteExample 2022-08-04T19:06:53Z logger.go:66:
TestTerraformCompleteExample 2022-08-04T19:06:53Z logger.go:66:       + wait {
TestTerraformCompleteExample 2022-08-04T19:06:53Z logger.go:66:           + fields = {
TestTerraformCompleteExample 2022-08-04T19:06:53Z logger.go:66:               + "status.state" = "CREATED"
TestTerraformCompleteExample 2022-08-04T19:06:53Z logger.go:66:             }
TestTerraformCompleteExample 2022-08-04T19:06:53Z logger.go:66:         }
TestTerraformCompleteExample 2022-08-04T19:06:53Z logger.go:66:     }
TestTerraformCompleteExample 2022-08-04T19:06:53Z logger.go:66:
TestTerraformCompleteExample 2022-08-04T19:06:53Z logger.go:66:   # module.confluent_platform.module.schemas["pageviews-value"].data.kubernetes_resource.schema will be read during apply
TestTerraformCompleteExample 2022-08-04T19:06:53Z logger.go:66:   # (depends on a resource or a module with changes pending)
TestTerraformCompleteExample 2022-08-04T19:06:53Z logger.go:66:  <= data "kubernetes_resource" "schema" {
TestTerraformCompleteExample 2022-08-04T19:06:53Z logger.go:66:       + api_version = "platform.confluent.io/v1beta1"
TestTerraformCompleteExample 2022-08-04T19:06:53Z logger.go:66:       + kind        = "Schema"
TestTerraformCompleteExample 2022-08-04T19:06:53Z logger.go:66:       + object      = (known after apply)
TestTerraformCompleteExample 2022-08-04T19:06:53Z logger.go:66:
TestTerraformCompleteExample 2022-08-04T19:06:53Z logger.go:66:       + metadata {
TestTerraformCompleteExample 2022-08-04T19:06:53Z logger.go:66:           + name      = "pageviews-value"
TestTerraformCompleteExample 2022-08-04T19:06:53Z logger.go:66:           + namespace = "confluent"
TestTerraformCompleteExample 2022-08-04T19:06:53Z logger.go:66:         }
TestTerraformCompleteExample 2022-08-04T19:06:53Z logger.go:66:     }
TestTerraformCompleteExample 2022-08-04T19:06:53Z logger.go:66:
TestTerraformCompleteExample 2022-08-04T19:06:53Z logger.go:66:   # module.confluent_platform.module.schemas["pageviews-value"].kubernetes_config_map_v1.schema_config will be created
TestTerraformCompleteExample 2022-08-04T19:06:53Z logger.go:66:   + resource "kubernetes_config_map_v1" "schema_config" {
TestTerraformCompleteExample 2022-08-04T19:06:53Z logger.go:66:       + data = {
TestTerraformCompleteExample 2022-08-04T19:06:53Z logger.go:66:           + "schema" = jsonencode(
TestTerraformCompleteExample 2022-08-04T19:06:53Z logger.go:66:                 {
TestTerraformCompleteExample 2022-08-04T19:06:53Z logger.go:66:                   + "connect.name" = "ksql.pageviews"
TestTerraformCompleteExample 2022-08-04T19:06:53Z logger.go:66:                   + fields         = [
TestTerraformCompleteExample 2022-08-04T19:06:53Z logger.go:66:                       + {
TestTerraformCompleteExample 2022-08-04T19:06:53Z logger.go:66:                           + name = "viewtime"
TestTerraformCompleteExample 2022-08-04T19:06:53Z logger.go:66:                           + type = "long"
TestTerraformCompleteExample 2022-08-04T19:06:53Z logger.go:66:                         },
TestTerraformCompleteExample 2022-08-04T19:06:53Z logger.go:66:                       + {
TestTerraformCompleteExample 2022-08-04T19:06:53Z logger.go:66:                           + name = "userid"
TestTerraformCompleteExample 2022-08-04T19:06:53Z logger.go:66:                           + type = "string"
TestTerraformCompleteExample 2022-08-04T19:06:53Z logger.go:66:                         },
TestTerraformCompleteExample 2022-08-04T19:06:53Z logger.go:66:                       + {
TestTerraformCompleteExample 2022-08-04T19:06:53Z logger.go:66:                           + name = "pageid"
TestTerraformCompleteExample 2022-08-04T19:06:53Z logger.go:66:                           + type = "string"
TestTerraformCompleteExample 2022-08-04T19:06:53Z logger.go:66:                         },
TestTerraformCompleteExample 2022-08-04T19:06:53Z logger.go:66:                     ]
TestTerraformCompleteExample 2022-08-04T19:06:53Z logger.go:66:                   + name           = "pageviews"
TestTerraformCompleteExample 2022-08-04T19:06:53Z logger.go:66:                   + namespace      = "ksql"
TestTerraformCompleteExample 2022-08-04T19:06:53Z logger.go:66:                   + type           = "record"
TestTerraformCompleteExample 2022-08-04T19:06:53Z logger.go:66:                 }
TestTerraformCompleteExample 2022-08-04T19:06:53Z logger.go:66:             )
TestTerraformCompleteExample 2022-08-04T19:06:53Z logger.go:66:         }
TestTerraformCompleteExample 2022-08-04T19:06:53Z logger.go:66:       + id   = (known after apply)
TestTerraformCompleteExample 2022-08-04T19:06:53Z logger.go:66:
TestTerraformCompleteExample 2022-08-04T19:06:53Z logger.go:66:       + metadata {
TestTerraformCompleteExample 2022-08-04T19:06:53Z logger.go:66:           + generation       = (known after apply)
TestTerraformCompleteExample 2022-08-04T19:06:53Z logger.go:66:           + name             = "pageviews-value-config"
TestTerraformCompleteExample 2022-08-04T19:06:53Z logger.go:66:           + namespace        = "confluent"
TestTerraformCompleteExample 2022-08-04T19:06:53Z logger.go:66:           + resource_version = (known after apply)
TestTerraformCompleteExample 2022-08-04T19:06:53Z logger.go:66:           + uid              = (known after apply)
TestTerraformCompleteExample 2022-08-04T19:06:53Z logger.go:66:         }
TestTerraformCompleteExample 2022-08-04T19:06:53Z logger.go:66:     }
TestTerraformCompleteExample 2022-08-04T19:06:53Z logger.go:66:
TestTerraformCompleteExample 2022-08-04T19:06:53Z logger.go:66:   # module.confluent_platform.module.schemas["pageviews-value"].kubernetes_manifest.schema will be created
TestTerraformCompleteExample 2022-08-04T19:06:53Z logger.go:66:   + resource "kubernetes_manifest" "schema" {
TestTerraformCompleteExample 2022-08-04T19:06:53Z logger.go:66:       + computed_fields = [
TestTerraformCompleteExample 2022-08-04T19:06:53Z logger.go:66:           + "metadata.finalizers",
TestTerraformCompleteExample 2022-08-04T19:06:53Z logger.go:66:         ]
TestTerraformCompleteExample 2022-08-04T19:06:53Z logger.go:66:       + manifest        = {
TestTerraformCompleteExample 2022-08-04T19:06:53Z logger.go:66:           + apiVersion = "platform.confluent.io/v1beta1"
TestTerraformCompleteExample 2022-08-04T19:06:53Z logger.go:66:           + kind       = "Schema"
TestTerraformCompleteExample 2022-08-04T19:06:53Z logger.go:66:           + metadata   = {
TestTerraformCompleteExample 2022-08-04T19:06:53Z logger.go:66:               + name      = "pageviews-value"
TestTerraformCompleteExample 2022-08-04T19:06:53Z logger.go:66:               + namespace = "confluent"
TestTerraformCompleteExample 2022-08-04T19:06:53Z logger.go:66:             }
TestTerraformCompleteExample 2022-08-04T19:06:53Z logger.go:66:           + spec       = {
TestTerraformCompleteExample 2022-08-04T19:06:53Z logger.go:66:               + data = {
TestTerraformCompleteExample 2022-08-04T19:06:53Z logger.go:66:                   + configRef = "pageviews-value-config"
TestTerraformCompleteExample 2022-08-04T19:06:53Z logger.go:66:                   + format    = "avro"
TestTerraformCompleteExample 2022-08-04T19:06:53Z logger.go:66:                 }
TestTerraformCompleteExample 2022-08-04T19:06:53Z logger.go:66:             }
TestTerraformCompleteExample 2022-08-04T19:06:53Z logger.go:66:         }
TestTerraformCompleteExample 2022-08-04T19:06:53Z logger.go:66:       + object          = {
TestTerraformCompleteExample 2022-08-04T19:06:53Z logger.go:66:           + apiVersion = "platform.confluent.io/v1beta1"
TestTerraformCompleteExample 2022-08-04T19:06:53Z logger.go:66:           + kind       = "Schema"
TestTerraformCompleteExample 2022-08-04T19:06:53Z logger.go:66:           + metadata   = {
TestTerraformCompleteExample 2022-08-04T19:06:53Z logger.go:66:               + annotations                = (known after apply)
TestTerraformCompleteExample 2022-08-04T19:06:53Z logger.go:66:               + clusterName                = (known after apply)
TestTerraformCompleteExample 2022-08-04T19:06:53Z logger.go:66:               + creationTimestamp          = (known after apply)
TestTerraformCompleteExample 2022-08-04T19:06:53Z logger.go:66:               + deletionGracePeriodSeconds = (known after apply)
TestTerraformCompleteExample 2022-08-04T19:06:53Z logger.go:66:               + deletionTimestamp          = (known after apply)
TestTerraformCompleteExample 2022-08-04T19:06:53Z logger.go:66:               + finalizers                 = (known after apply)
TestTerraformCompleteExample 2022-08-04T19:06:53Z logger.go:66:               + generateName               = (known after apply)
TestTerraformCompleteExample 2022-08-04T19:06:53Z logger.go:66:               + generation                 = (known after apply)
TestTerraformCompleteExample 2022-08-04T19:06:53Z logger.go:66:               + labels                     = (known after apply)
TestTerraformCompleteExample 2022-08-04T19:06:53Z logger.go:66:               + managedFields              = (known after apply)
TestTerraformCompleteExample 2022-08-04T19:06:53Z logger.go:66:               + name                       = "pageviews-value"
TestTerraformCompleteExample 2022-08-04T19:06:53Z logger.go:66:               + namespace                  = "confluent"
TestTerraformCompleteExample 2022-08-04T19:06:53Z logger.go:66:               + ownerReferences            = (known after apply)
TestTerraformCompleteExample 2022-08-04T19:06:53Z logger.go:66:               + resourceVersion            = (known after apply)
TestTerraformCompleteExample 2022-08-04T19:06:53Z logger.go:66:               + selfLink                   = (known after apply)
TestTerraformCompleteExample 2022-08-04T19:06:53Z logger.go:66:               + uid                        = (known after apply)
TestTerraformCompleteExample 2022-08-04T19:06:53Z logger.go:66:             }
TestTerraformCompleteExample 2022-08-04T19:06:53Z logger.go:66:           + spec       = {
TestTerraformCompleteExample 2022-08-04T19:06:53Z logger.go:66:               + compatibilityLevel       = (known after apply)
TestTerraformCompleteExample 2022-08-04T19:06:53Z logger.go:66:               + data                     = {
TestTerraformCompleteExample 2022-08-04T19:06:53Z logger.go:66:                   + configRef = "pageviews-value-config"
TestTerraformCompleteExample 2022-08-04T19:06:53Z logger.go:66:                   + format    = "avro"
TestTerraformCompleteExample 2022-08-04T19:06:53Z logger.go:66:                 }
TestTerraformCompleteExample 2022-08-04T19:06:53Z logger.go:66:               + name                     = (known after apply)
TestTerraformCompleteExample 2022-08-04T19:06:53Z logger.go:66:               + schemaReferences         = (known after apply)
TestTerraformCompleteExample 2022-08-04T19:06:53Z logger.go:66:               + schemaRegistryClusterRef = {
TestTerraformCompleteExample 2022-08-04T19:06:53Z logger.go:66:                   + name      = (known after apply)
TestTerraformCompleteExample 2022-08-04T19:06:53Z logger.go:66:                   + namespace = (known after apply)
TestTerraformCompleteExample 2022-08-04T19:06:53Z logger.go:66:                 }
TestTerraformCompleteExample 2022-08-04T19:06:53Z logger.go:66:               + schemaRegistryRest       = {
TestTerraformCompleteExample 2022-08-04T19:06:53Z logger.go:66:                   + authentication = {
TestTerraformCompleteExample 2022-08-04T19:06:53Z logger.go:66:                       + basic  = {
TestTerraformCompleteExample 2022-08-04T19:06:53Z logger.go:66:                           + debug                    = (known after apply)
TestTerraformCompleteExample 2022-08-04T19:06:53Z logger.go:66:                           + directoryPathInContainer = (known after apply)
TestTerraformCompleteExample 2022-08-04T19:06:53Z logger.go:66:                           + restrictedRoles          = (known after apply)
TestTerraformCompleteExample 2022-08-04T19:06:53Z logger.go:66:                           + roles                    = (known after apply)
TestTerraformCompleteExample 2022-08-04T19:06:53Z logger.go:66:                           + secretRef                = (known after apply)
TestTerraformCompleteExample 2022-08-04T19:06:53Z logger.go:66:                         }
TestTerraformCompleteExample 2022-08-04T19:06:53Z logger.go:66:                       + bearer = {
TestTerraformCompleteExample 2022-08-04T19:06:53Z logger.go:66:                           + directoryPathInContainer = (known after apply)
TestTerraformCompleteExample 2022-08-04T19:06:53Z logger.go:66:                           + secretRef                = (known after apply)
TestTerraformCompleteExample 2022-08-04T19:06:53Z logger.go:66:                         }
TestTerraformCompleteExample 2022-08-04T19:06:53Z logger.go:66:                       + type   = (known after apply)
TestTerraformCompleteExample 2022-08-04T19:06:53Z logger.go:66:                     }
TestTerraformCompleteExample 2022-08-04T19:06:53Z logger.go:66:                   + endpoint       = (known after apply)
TestTerraformCompleteExample 2022-08-04T19:06:53Z logger.go:66:                   + kafkaClusterID = (known after apply)
TestTerraformCompleteExample 2022-08-04T19:06:53Z logger.go:66:                   + tls            = {
TestTerraformCompleteExample 2022-08-04T19:06:53Z logger.go:66:                       + directoryPathInContainer = (known after apply)
TestTerraformCompleteExample 2022-08-04T19:06:53Z logger.go:66:                       + jksPassword              = {
TestTerraformCompleteExample 2022-08-04T19:06:53Z logger.go:66:                           + secretRef = (known after apply)
TestTerraformCompleteExample 2022-08-04T19:06:53Z logger.go:66:                         }
TestTerraformCompleteExample 2022-08-04T19:06:53Z logger.go:66:                       + secretRef                = (known after apply)
TestTerraformCompleteExample 2022-08-04T19:06:53Z logger.go:66:                     }
TestTerraformCompleteExample 2022-08-04T19:06:53Z logger.go:66:                 }
TestTerraformCompleteExample 2022-08-04T19:06:53Z logger.go:66:             }
TestTerraformCompleteExample 2022-08-04T19:06:53Z logger.go:66:         }
TestTerraformCompleteExample 2022-08-04T19:06:53Z logger.go:66:
TestTerraformCompleteExample 2022-08-04T19:06:53Z logger.go:66:       + timeouts {
TestTerraformCompleteExample 2022-08-04T19:06:53Z logger.go:66:           + create = "10m"
TestTerraformCompleteExample 2022-08-04T19:06:53Z logger.go:66:           + delete = "10m"
TestTerraformCompleteExample 2022-08-04T19:06:53Z logger.go:66:           + update = "10m"
TestTerraformCompleteExample 2022-08-04T19:06:53Z logger.go:66:         }
TestTerraformCompleteExample 2022-08-04T19:06:53Z logger.go:66:
TestTerraformCompleteExample 2022-08-04T19:06:53Z logger.go:66:       + wait {
TestTerraformCompleteExample 2022-08-04T19:06:53Z logger.go:66:           + fields = {
TestTerraformCompleteExample 2022-08-04T19:06:53Z logger.go:66:               + "status.state" = "SUCCEEDED"
TestTerraformCompleteExample 2022-08-04T19:06:53Z logger.go:66:             }
TestTerraformCompleteExample 2022-08-04T19:06:53Z logger.go:66:         }
TestTerraformCompleteExample 2022-08-04T19:06:53Z logger.go:66:     }
TestTerraformCompleteExample 2022-08-04T19:06:53Z logger.go:66:
TestTerraformCompleteExample 2022-08-04T19:06:53Z logger.go:66: Plan: 11 to add, 0 to change, 0 to destroy.
TestTerraformCompleteExample 2022-08-04T19:06:53Z logger.go:66:
TestTerraformCompleteExample 2022-08-04T19:06:53Z logger.go:66: Changes to Outputs:
TestTerraformCompleteExample 2022-08-04T19:06:53Z logger.go:66:   + confluent_operator       = {
TestTerraformCompleteExample 2022-08-04T19:06:53Z logger.go:66:       + app_version   = (known after apply)
TestTerraformCompleteExample 2022-08-04T19:06:53Z logger.go:66:       + chart_version = (known after apply)
TestTerraformCompleteExample 2022-08-04T19:06:53Z logger.go:66:       + namespace     = "confluent"
TestTerraformCompleteExample 2022-08-04T19:06:53Z logger.go:66:     }
TestTerraformCompleteExample 2022-08-04T19:06:53Z logger.go:66:   + connect_manifest         = {
TestTerraformCompleteExample 2022-08-04T19:06:53Z logger.go:66:       + apiVersion = "platform.confluent.io/v1beta1"
TestTerraformCompleteExample 2022-08-04T19:06:53Z logger.go:66:       + kind       = "Connect"
TestTerraformCompleteExample 2022-08-04T19:06:53Z logger.go:66:       + metadata   = {
TestTerraformCompleteExample 2022-08-04T19:06:53Z logger.go:66:           + name      = "connect"
TestTerraformCompleteExample 2022-08-04T19:06:53Z logger.go:66:           + namespace = "confluent"
TestTerraformCompleteExample 2022-08-04T19:06:53Z logger.go:66:         }
TestTerraformCompleteExample 2022-08-04T19:06:53Z logger.go:66:       + spec       = {
TestTerraformCompleteExample 2022-08-04T19:06:53Z logger.go:66:           + build        = {
TestTerraformCompleteExample 2022-08-04T19:06:53Z logger.go:66:               + onDemand = {
TestTerraformCompleteExample 2022-08-04T19:06:53Z logger.go:66:                   + plugins = {
TestTerraformCompleteExample 2022-08-04T19:06:53Z logger.go:66:                       + confluentHub = [
TestTerraformCompleteExample 2022-08-04T19:06:53Z logger.go:66:                           + {
TestTerraformCompleteExample 2022-08-04T19:06:53Z logger.go:66:                               + name    = "kafka-connect-datagen"
TestTerraformCompleteExample 2022-08-04T19:06:53Z logger.go:66:                               + owner   = "confluentinc"
TestTerraformCompleteExample 2022-08-04T19:06:53Z logger.go:66:                               + version = "0.5.2"
TestTerraformCompleteExample 2022-08-04T19:06:53Z logger.go:66:                             },
TestTerraformCompleteExample 2022-08-04T19:06:53Z logger.go:66:                         ]
TestTerraformCompleteExample 2022-08-04T19:06:53Z logger.go:66:                       + locationType = "confluentHub"
TestTerraformCompleteExample 2022-08-04T19:06:53Z logger.go:66:                     }
TestTerraformCompleteExample 2022-08-04T19:06:53Z logger.go:66:                 }
TestTerraformCompleteExample 2022-08-04T19:06:53Z logger.go:66:               + type     = "onDemand"
TestTerraformCompleteExample 2022-08-04T19:06:53Z logger.go:66:             }
TestTerraformCompleteExample 2022-08-04T19:06:53Z logger.go:66:           + dependencies = {
TestTerraformCompleteExample 2022-08-04T19:06:53Z logger.go:66:               + kafka = {
TestTerraformCompleteExample 2022-08-04T19:06:53Z logger.go:66:                   + bootstrapEndpoint = "kafka:9071"
TestTerraformCompleteExample 2022-08-04T19:06:53Z logger.go:66:                 }
TestTerraformCompleteExample 2022-08-04T19:06:53Z logger.go:66:             }
TestTerraformCompleteExample 2022-08-04T19:06:53Z logger.go:66:           + image        = {
TestTerraformCompleteExample 2022-08-04T19:06:53Z logger.go:66:               + application = "confluentinc/cp-server-connect:7.2.0"
TestTerraformCompleteExample 2022-08-04T19:06:53Z logger.go:66:               + init        = "confluentinc/confluent-init-container:2.4.0"
TestTerraformCompleteExample 2022-08-04T19:06:53Z logger.go:66:             }
TestTerraformCompleteExample 2022-08-04T19:06:53Z logger.go:66:           + replicas     = 1
TestTerraformCompleteExample 2022-08-04T19:06:53Z logger.go:66:         }
TestTerraformCompleteExample 2022-08-04T19:06:53Z logger.go:66:     }
TestTerraformCompleteExample 2022-08-04T19:06:53Z logger.go:66:   + connect_object_spec      = (known after apply)
TestTerraformCompleteExample 2022-08-04T19:06:53Z logger.go:66:   + connector_manifests      = {
TestTerraformCompleteExample 2022-08-04T19:06:53Z logger.go:66:       + pageviews-source = {
TestTerraformCompleteExample 2022-08-04T19:06:53Z logger.go:66:           + apiVersion = "platform.confluent.io/v1beta1"
TestTerraformCompleteExample 2022-08-04T19:06:53Z logger.go:66:           + kind       = "Connector"
TestTerraformCompleteExample 2022-08-04T19:06:53Z logger.go:66:           + metadata   = {
TestTerraformCompleteExample 2022-08-04T19:06:53Z logger.go:66:               + name      = "pageviews-source"
TestTerraformCompleteExample 2022-08-04T19:06:53Z logger.go:66:               + namespace = "confluent"
TestTerraformCompleteExample 2022-08-04T19:06:53Z logger.go:66:             }
TestTerraformCompleteExample 2022-08-04T19:06:53Z logger.go:66:           + spec       = {
TestTerraformCompleteExample 2022-08-04T19:06:53Z logger.go:66:               + class             = "io.confluent.kafka.connect.datagen.DatagenConnector"
TestTerraformCompleteExample 2022-08-04T19:06:53Z logger.go:66:               + configs           = {
TestTerraformCompleteExample 2022-08-04T19:06:53Z logger.go:66:                   + iterations                            = "10000000"
TestTerraformCompleteExample 2022-08-04T19:06:53Z logger.go:66:                   + "kafka.topic"                         = "pageviews"
TestTerraformCompleteExample 2022-08-04T19:06:53Z logger.go:66:                   + "key.converter"                       = "org.apache.kafka.connect.storage.StringConverter"
TestTerraformCompleteExample 2022-08-04T19:06:53Z logger.go:66:                   + "max.interval"                        = "100"
TestTerraformCompleteExample 2022-08-04T19:06:53Z logger.go:66:                   + quickstart                            = "pageviews"
TestTerraformCompleteExample 2022-08-04T19:06:53Z logger.go:66:                   + "value.converter"                     = "io.confluent.connect.avro.AvroConverter"
TestTerraformCompleteExample 2022-08-04T19:06:53Z logger.go:66:                   + "value.converter.schema.registry.url" = "http://schemaregistry.confluent.svc.cluster.local:8081"
TestTerraformCompleteExample 2022-08-04T19:06:53Z logger.go:66:                   + "value.converter.schemas.enable"      = "true"
TestTerraformCompleteExample 2022-08-04T19:06:53Z logger.go:66:                 }
TestTerraformCompleteExample 2022-08-04T19:06:53Z logger.go:66:               + connectClusterRef = {
TestTerraformCompleteExample 2022-08-04T19:06:53Z logger.go:66:                   + name = "connect"
TestTerraformCompleteExample 2022-08-04T19:06:53Z logger.go:66:                 }
TestTerraformCompleteExample 2022-08-04T19:06:53Z logger.go:66:               + taskMax           = 1
TestTerraformCompleteExample 2022-08-04T19:06:53Z logger.go:66:             }
TestTerraformCompleteExample 2022-08-04T19:06:53Z logger.go:66:         }
TestTerraformCompleteExample 2022-08-04T19:06:53Z logger.go:66:     }
TestTerraformCompleteExample 2022-08-04T19:06:53Z logger.go:66:   + connector_object_specs   = {
TestTerraformCompleteExample 2022-08-04T19:06:53Z logger.go:66:       + pageviews-source = (known after apply)
TestTerraformCompleteExample 2022-08-04T19:06:53Z logger.go:66:     }
TestTerraformCompleteExample 2022-08-04T19:06:53Z logger.go:66:   + kafka_manifest           = {
TestTerraformCompleteExample 2022-08-04T19:06:53Z logger.go:66:       + apiVersion = "platform.confluent.io/v1beta1"
TestTerraformCompleteExample 2022-08-04T19:06:53Z logger.go:66:       + kind       = "Kafka"
TestTerraformCompleteExample 2022-08-04T19:06:53Z logger.go:66:       + metadata   = {
TestTerraformCompleteExample 2022-08-04T19:06:53Z logger.go:66:           + name      = "kafka"
TestTerraformCompleteExample 2022-08-04T19:06:53Z logger.go:66:           + namespace = "confluent"
TestTerraformCompleteExample 2022-08-04T19:06:53Z logger.go:66:         }
TestTerraformCompleteExample 2022-08-04T19:06:53Z logger.go:66:       + spec       = {
TestTerraformCompleteExample 2022-08-04T19:06:53Z logger.go:66:           + dataVolumeCapacity = "10Gi"
TestTerraformCompleteExample 2022-08-04T19:06:53Z logger.go:66:           + image              = {
TestTerraformCompleteExample 2022-08-04T19:06:53Z logger.go:66:               + application = "confluentinc/cp-server:7.2.0"
TestTerraformCompleteExample 2022-08-04T19:06:53Z logger.go:66:               + init        = "confluentinc/confluent-init-container:2.4.0"
TestTerraformCompleteExample 2022-08-04T19:06:53Z logger.go:66:             }
TestTerraformCompleteExample 2022-08-04T19:06:53Z logger.go:66:           + metricReporter     = {
TestTerraformCompleteExample 2022-08-04T19:06:53Z logger.go:66:               + enabled = true
TestTerraformCompleteExample 2022-08-04T19:06:53Z logger.go:66:             }
TestTerraformCompleteExample 2022-08-04T19:06:53Z logger.go:66:           + replicas           = 3
TestTerraformCompleteExample 2022-08-04T19:06:53Z logger.go:66:         }
TestTerraformCompleteExample 2022-08-04T19:06:53Z logger.go:66:     }
TestTerraformCompleteExample 2022-08-04T19:06:53Z logger.go:66:   + kafka_object_spec        = (known after apply)
TestTerraformCompleteExample 2022-08-04T19:06:53Z logger.go:66:   + kafka_topic_manifests    = {
TestTerraformCompleteExample 2022-08-04T19:06:53Z logger.go:66:       + my-other-topic = {
TestTerraformCompleteExample 2022-08-04T19:06:53Z logger.go:66:           + apiVersion = "platform.confluent.io/v1beta1"
TestTerraformCompleteExample 2022-08-04T19:06:53Z logger.go:66:           + kind       = "KafkaTopic"
TestTerraformCompleteExample 2022-08-04T19:06:53Z logger.go:66:           + metadata   = {
TestTerraformCompleteExample 2022-08-04T19:06:53Z logger.go:66:               + name      = "my-other-topic"
TestTerraformCompleteExample 2022-08-04T19:06:53Z logger.go:66:               + namespace = "confluent"
TestTerraformCompleteExample 2022-08-04T19:06:53Z logger.go:66:             }
TestTerraformCompleteExample 2022-08-04T19:06:53Z logger.go:66:           + spec       = {
TestTerraformCompleteExample 2022-08-04T19:06:53Z logger.go:66:               + configs        = {
TestTerraformCompleteExample 2022-08-04T19:06:53Z logger.go:66:                   + "cleanup.policy" = "compact"
TestTerraformCompleteExample 2022-08-04T19:06:53Z logger.go:66:                 }
TestTerraformCompleteExample 2022-08-04T19:06:53Z logger.go:66:               + partitionCount = 3
TestTerraformCompleteExample 2022-08-04T19:06:53Z logger.go:66:               + replicas       = 3
TestTerraformCompleteExample 2022-08-04T19:06:53Z logger.go:66:             }
TestTerraformCompleteExample 2022-08-04T19:06:53Z logger.go:66:         }
TestTerraformCompleteExample 2022-08-04T19:06:53Z logger.go:66:       + pageviews      = {
TestTerraformCompleteExample 2022-08-04T19:06:53Z logger.go:66:           + apiVersion = "platform.confluent.io/v1beta1"
TestTerraformCompleteExample 2022-08-04T19:06:53Z logger.go:66:           + kind       = "KafkaTopic"
TestTerraformCompleteExample 2022-08-04T19:06:53Z logger.go:66:           + metadata   = {
TestTerraformCompleteExample 2022-08-04T19:06:53Z logger.go:66:               + name      = "pageviews"
TestTerraformCompleteExample 2022-08-04T19:06:53Z logger.go:66:               + namespace = "confluent"
TestTerraformCompleteExample 2022-08-04T19:06:53Z logger.go:66:             }
TestTerraformCompleteExample 2022-08-04T19:06:53Z logger.go:66:           + spec       = {
TestTerraformCompleteExample 2022-08-04T19:06:53Z logger.go:66:               + configs        = {
TestTerraformCompleteExample 2022-08-04T19:06:53Z logger.go:66:                   + "cleanup.policy" = "delete"
TestTerraformCompleteExample 2022-08-04T19:06:53Z logger.go:66:                 }
TestTerraformCompleteExample 2022-08-04T19:06:53Z logger.go:66:               + partitionCount = 3
TestTerraformCompleteExample 2022-08-04T19:06:53Z logger.go:66:               + replicas       = 3
TestTerraformCompleteExample 2022-08-04T19:06:53Z logger.go:66:             }
TestTerraformCompleteExample 2022-08-04T19:06:53Z logger.go:66:         }
TestTerraformCompleteExample 2022-08-04T19:06:53Z logger.go:66:     }
TestTerraformCompleteExample 2022-08-04T19:06:53Z logger.go:66:   + kafka_topic_object_specs = {
TestTerraformCompleteExample 2022-08-04T19:06:53Z logger.go:66:       + my-other-topic = (known after apply)
TestTerraformCompleteExample 2022-08-04T19:06:53Z logger.go:66:       + pageviews      = (known after apply)
TestTerraformCompleteExample 2022-08-04T19:06:53Z logger.go:66:     }
TestTerraformCompleteExample 2022-08-04T19:06:53Z logger.go:66:   + namespace                = "confluent"
TestTerraformCompleteExample 2022-08-04T19:06:53Z logger.go:66:   + schema_config_map_data   = {
TestTerraformCompleteExample 2022-08-04T19:06:53Z logger.go:66:       + pageviews-value = {
TestTerraformCompleteExample 2022-08-04T19:06:53Z logger.go:66:           + "schema" = jsonencode(
TestTerraformCompleteExample 2022-08-04T19:06:53Z logger.go:66:                 {
TestTerraformCompleteExample 2022-08-04T19:06:53Z logger.go:66:                   + "connect.name" = "ksql.pageviews"
TestTerraformCompleteExample 2022-08-04T19:06:53Z logger.go:66:                   + fields         = [
TestTerraformCompleteExample 2022-08-04T19:06:53Z logger.go:66:                       + {
TestTerraformCompleteExample 2022-08-04T19:06:53Z logger.go:66:                           + name = "viewtime"
TestTerraformCompleteExample 2022-08-04T19:06:53Z logger.go:66:                           + type = "long"
TestTerraformCompleteExample 2022-08-04T19:06:53Z logger.go:66:                         },
TestTerraformCompleteExample 2022-08-04T19:06:53Z logger.go:66:                       + {
TestTerraformCompleteExample 2022-08-04T19:06:53Z logger.go:66:                           + name = "userid"
TestTerraformCompleteExample 2022-08-04T19:06:53Z logger.go:66:                           + type = "string"
TestTerraformCompleteExample 2022-08-04T19:06:53Z logger.go:66:                         },
TestTerraformCompleteExample 2022-08-04T19:06:53Z logger.go:66:                       + {
TestTerraformCompleteExample 2022-08-04T19:06:53Z logger.go:66:                           + name = "pageid"
TestTerraformCompleteExample 2022-08-04T19:06:53Z logger.go:66:                           + type = "string"
TestTerraformCompleteExample 2022-08-04T19:06:53Z logger.go:66:                         },
TestTerraformCompleteExample 2022-08-04T19:06:53Z logger.go:66:                     ]
TestTerraformCompleteExample 2022-08-04T19:06:53Z logger.go:66:                   + name           = "pageviews"
TestTerraformCompleteExample 2022-08-04T19:06:53Z logger.go:66:                   + namespace      = "ksql"
TestTerraformCompleteExample 2022-08-04T19:06:53Z logger.go:66:                   + type           = "record"
TestTerraformCompleteExample 2022-08-04T19:06:53Z logger.go:66:                 }
TestTerraformCompleteExample 2022-08-04T19:06:53Z logger.go:66:             )
TestTerraformCompleteExample 2022-08-04T19:06:53Z logger.go:66:         }
TestTerraformCompleteExample 2022-08-04T19:06:53Z logger.go:66:     }
TestTerraformCompleteExample 2022-08-04T19:06:53Z logger.go:66:   + schema_manifests         = {
TestTerraformCompleteExample 2022-08-04T19:06:53Z logger.go:66:       + pageviews-value = {
TestTerraformCompleteExample 2022-08-04T19:06:53Z logger.go:66:           + apiVersion = "platform.confluent.io/v1beta1"
TestTerraformCompleteExample 2022-08-04T19:06:53Z logger.go:66:           + kind       = "Schema"
TestTerraformCompleteExample 2022-08-04T19:06:53Z logger.go:66:           + metadata   = {
TestTerraformCompleteExample 2022-08-04T19:06:53Z logger.go:66:               + name      = "pageviews-value"
TestTerraformCompleteExample 2022-08-04T19:06:53Z logger.go:66:               + namespace = "confluent"
TestTerraformCompleteExample 2022-08-04T19:06:53Z logger.go:66:             }
TestTerraformCompleteExample 2022-08-04T19:06:53Z logger.go:66:           + spec       = {
TestTerraformCompleteExample 2022-08-04T19:06:53Z logger.go:66:               + data = {
TestTerraformCompleteExample 2022-08-04T19:06:53Z logger.go:66:                   + configRef = "pageviews-value-config"
TestTerraformCompleteExample 2022-08-04T19:06:53Z logger.go:66:                   + format    = "avro"
TestTerraformCompleteExample 2022-08-04T19:06:53Z logger.go:66:                 }
TestTerraformCompleteExample 2022-08-04T19:06:53Z logger.go:66:             }
TestTerraformCompleteExample 2022-08-04T19:06:53Z logger.go:66:         }
TestTerraformCompleteExample 2022-08-04T19:06:53Z logger.go:66:     }
TestTerraformCompleteExample 2022-08-04T19:06:53Z logger.go:66:   + schema_object_specs      = {
TestTerraformCompleteExample 2022-08-04T19:06:53Z logger.go:66:       + pageviews-value = (known after apply)
TestTerraformCompleteExample 2022-08-04T19:06:53Z logger.go:66:     }
TestTerraformCompleteExample 2022-08-04T19:06:53Z logger.go:66:   + zookeeper_manifest       = {
TestTerraformCompleteExample 2022-08-04T19:06:53Z logger.go:66:       + apiVersion = "platform.confluent.io/v1beta1"
TestTerraformCompleteExample 2022-08-04T19:06:53Z logger.go:66:       + kind       = "Zookeeper"
TestTerraformCompleteExample 2022-08-04T19:06:53Z logger.go:66:       + metadata   = {
TestTerraformCompleteExample 2022-08-04T19:06:53Z logger.go:66:           + name      = "zookeeper"
TestTerraformCompleteExample 2022-08-04T19:06:53Z logger.go:66:           + namespace = "confluent"
TestTerraformCompleteExample 2022-08-04T19:06:53Z logger.go:66:         }
TestTerraformCompleteExample 2022-08-04T19:06:53Z logger.go:66:       + spec       = {
TestTerraformCompleteExample 2022-08-04T19:06:53Z logger.go:66:           + dataVolumeCapacity = "10Gi"
TestTerraformCompleteExample 2022-08-04T19:06:53Z logger.go:66:           + image              = {
TestTerraformCompleteExample 2022-08-04T19:06:53Z logger.go:66:               + application = "confluentinc/cp-zookeeper:7.2.0"
TestTerraformCompleteExample 2022-08-04T19:06:53Z logger.go:66:               + init        = "confluentinc/confluent-init-container:2.4.0"
TestTerraformCompleteExample 2022-08-04T19:06:53Z logger.go:66:             }
TestTerraformCompleteExample 2022-08-04T19:06:53Z logger.go:66:           + logVolumeCapacity  = "10Gi"
TestTerraformCompleteExample 2022-08-04T19:06:53Z logger.go:66:           + replicas           = "3"
TestTerraformCompleteExample 2022-08-04T19:06:53Z logger.go:66:         }
TestTerraformCompleteExample 2022-08-04T19:06:53Z logger.go:66:     }
TestTerraformCompleteExample 2022-08-04T19:06:53Z logger.go:66:   + zookeeper_object_spec    = (known after apply)
TestTerraformCompleteExample 2022-08-04T19:06:54Z logger.go:66: module.confluent_platform.module.confluent_operator[0].kubernetes_namespace_v1.namespace[0]: Creating...
TestTerraformCompleteExample 2022-08-04T19:06:54Z logger.go:66: module.confluent_platform.module.confluent_operator[0].kubernetes_namespace_v1.namespace[0]: Creation complete after 0s [id=confluent]
TestTerraformCompleteExample 2022-08-04T19:06:55Z logger.go:66: module.confluent_platform.module.confluent_operator[0].helm_release.confluent_operator[0]: Creating...
TestTerraformCompleteExample 2022-08-04T19:07:01Z logger.go:66: module.confluent_platform.module.confluent_operator[0].helm_release.confluent_operator[0]: Creation complete after 7s [id=confluent-operator]
TestTerraformCompleteExample 2022-08-04T19:07:04Z logger.go:66: module.confluent_platform.kubernetes_manifest.components["zookeeper"]: Creating...
TestTerraformCompleteExample 2022-08-04T19:07:04Z logger.go:66: module.confluent_platform.kubernetes_manifest.components["schemaregistry"]: Creating...
TestTerraformCompleteExample 2022-08-04T19:07:04Z logger.go:66: module.confluent_platform.kubernetes_manifest.components["connect"]: Creating...
TestTerraformCompleteExample 2022-08-04T19:07:05Z logger.go:66: module.confluent_platform.kubernetes_manifest.components["kafka"]: Creating...
TestTerraformCompleteExample 2022-08-04T19:07:14Z logger.go:66: module.confluent_platform.kubernetes_manifest.components["zookeeper"]: Still creating... [10s elapsed]
TestTerraformCompleteExample 2022-08-04T19:07:14Z logger.go:66: module.confluent_platform.kubernetes_manifest.components["schemaregistry"]: Still creating... [10s elapsed]
TestTerraformCompleteExample 2022-08-04T19:07:14Z logger.go:66: module.confluent_platform.kubernetes_manifest.components["connect"]: Still creating... [10s elapsed]
TestTerraformCompleteExample 2022-08-04T19:07:15Z logger.go:66: module.confluent_platform.kubernetes_manifest.components["kafka"]: Still creating... [10s elapsed]
TestTerraformCompleteExample 2022-08-04T19:07:24Z logger.go:66: module.confluent_platform.kubernetes_manifest.components["zookeeper"]: Still creating... [20s elapsed]
TestTerraformCompleteExample 2022-08-04T19:07:24Z logger.go:66: module.confluent_platform.kubernetes_manifest.components["schemaregistry"]: Still creating... [20s elapsed]
TestTerraformCompleteExample 2022-08-04T19:07:24Z logger.go:66: module.confluent_platform.kubernetes_manifest.components["connect"]: Still creating... [20s elapsed]
TestTerraformCompleteExample 2022-08-04T19:07:25Z logger.go:66: module.confluent_platform.kubernetes_manifest.components["kafka"]: Still creating... [20s elapsed]
TestTerraformCompleteExample 2022-08-04T19:07:34Z logger.go:66: module.confluent_platform.kubernetes_manifest.components["zookeeper"]: Still creating... [30s elapsed]
TestTerraformCompleteExample 2022-08-04T19:07:34Z logger.go:66: module.confluent_platform.kubernetes_manifest.components["schemaregistry"]: Still creating... [30s elapsed]
TestTerraformCompleteExample 2022-08-04T19:07:34Z logger.go:66: module.confluent_platform.kubernetes_manifest.components["connect"]: Still creating... [30s elapsed]
TestTerraformCompleteExample 2022-08-04T19:07:35Z logger.go:66: module.confluent_platform.kubernetes_manifest.components["kafka"]: Still creating... [30s elapsed]
TestTerraformCompleteExample 2022-08-04T19:07:44Z logger.go:66: module.confluent_platform.kubernetes_manifest.components["zookeeper"]: Still creating... [40s elapsed]
TestTerraformCompleteExample 2022-08-04T19:07:44Z logger.go:66: module.confluent_platform.kubernetes_manifest.components["schemaregistry"]: Still creating... [40s elapsed]
TestTerraformCompleteExample 2022-08-04T19:07:44Z logger.go:66: module.confluent_platform.kubernetes_manifest.components["connect"]: Still creating... [40s elapsed]
TestTerraformCompleteExample 2022-08-04T19:07:45Z logger.go:66: module.confluent_platform.kubernetes_manifest.components["kafka"]: Still creating... [40s elapsed]
TestTerraformCompleteExample 2022-08-04T19:07:49Z logger.go:66: module.confluent_platform.kubernetes_manifest.components["zookeeper"]: Creation complete after 45s
TestTerraformCompleteExample 2022-08-04T19:07:54Z logger.go:66: module.confluent_platform.kubernetes_manifest.components["schemaregistry"]: Still creating... [50s elapsed]
TestTerraformCompleteExample 2022-08-04T19:07:54Z logger.go:66: module.confluent_platform.kubernetes_manifest.components["connect"]: Still creating... [50s elapsed]
TestTerraformCompleteExample 2022-08-04T19:07:55Z logger.go:66: module.confluent_platform.kubernetes_manifest.components["kafka"]: Still creating... [50s elapsed]
TestTerraformCompleteExample 2022-08-04T19:08:04Z logger.go:66: module.confluent_platform.kubernetes_manifest.components["schemaregistry"]: Still creating... [1m0s elapsed]
TestTerraformCompleteExample 2022-08-04T19:08:04Z logger.go:66: module.confluent_platform.kubernetes_manifest.components["connect"]: Still creating... [1m0s elapsed]
TestTerraformCompleteExample 2022-08-04T19:08:05Z logger.go:66: module.confluent_platform.kubernetes_manifest.components["kafka"]: Still creating... [1m0s elapsed]
TestTerraformCompleteExample 2022-08-04T19:08:14Z logger.go:66: module.confluent_platform.kubernetes_manifest.components["schemaregistry"]: Still creating... [1m10s elapsed]
TestTerraformCompleteExample 2022-08-04T19:08:14Z logger.go:66: module.confluent_platform.kubernetes_manifest.components["connect"]: Still creating... [1m10s elapsed]
TestTerraformCompleteExample 2022-08-04T19:08:15Z logger.go:66: module.confluent_platform.kubernetes_manifest.components["kafka"]: Still creating... [1m10s elapsed]
TestTerraformCompleteExample 2022-08-04T19:08:24Z logger.go:66: module.confluent_platform.kubernetes_manifest.components["schemaregistry"]: Still creating... [1m20s elapsed]
TestTerraformCompleteExample 2022-08-04T19:08:24Z logger.go:66: module.confluent_platform.kubernetes_manifest.components["connect"]: Still creating... [1m20s elapsed]
TestTerraformCompleteExample 2022-08-04T19:08:25Z logger.go:66: module.confluent_platform.kubernetes_manifest.components["kafka"]: Still creating... [1m20s elapsed]
TestTerraformCompleteExample 2022-08-04T19:08:34Z logger.go:66: module.confluent_platform.kubernetes_manifest.components["schemaregistry"]: Still creating... [1m30s elapsed]
TestTerraformCompleteExample 2022-08-04T19:08:34Z logger.go:66: module.confluent_platform.kubernetes_manifest.components["connect"]: Still creating... [1m30s elapsed]
TestTerraformCompleteExample 2022-08-04T19:08:35Z logger.go:66: module.confluent_platform.kubernetes_manifest.components["kafka"]: Still creating... [1m30s elapsed]
TestTerraformCompleteExample 2022-08-04T19:08:35Z logger.go:66: module.confluent_platform.kubernetes_manifest.components["kafka"]: Creation complete after 1m30s
TestTerraformCompleteExample 2022-08-04T19:08:44Z logger.go:66: module.confluent_platform.kubernetes_manifest.components["schemaregistry"]: Still creating... [1m40s elapsed]
TestTerraformCompleteExample 2022-08-04T19:08:44Z logger.go:66: module.confluent_platform.kubernetes_manifest.components["connect"]: Still creating... [1m40s elapsed]
TestTerraformCompleteExample 2022-08-04T19:08:54Z logger.go:66: module.confluent_platform.kubernetes_manifest.components["schemaregistry"]: Still creating... [1m50s elapsed]
TestTerraformCompleteExample 2022-08-04T19:08:54Z logger.go:66: module.confluent_platform.kubernetes_manifest.components["connect"]: Still creating... [1m50s elapsed]
TestTerraformCompleteExample 2022-08-04T19:09:04Z logger.go:66: module.confluent_platform.kubernetes_manifest.components["schemaregistry"]: Still creating... [2m0s elapsed]
TestTerraformCompleteExample 2022-08-04T19:09:04Z logger.go:66: module.confluent_platform.kubernetes_manifest.components["connect"]: Still creating... [2m0s elapsed]
TestTerraformCompleteExample 2022-08-04T19:09:10Z logger.go:66: module.confluent_platform.kubernetes_manifest.components["connect"]: Creation complete after 2m5s
TestTerraformCompleteExample 2022-08-04T19:09:14Z logger.go:66: module.confluent_platform.kubernetes_manifest.components["schemaregistry"]: Still creating... [2m10s elapsed]
TestTerraformCompleteExample 2022-08-04T19:09:24Z logger.go:66: module.confluent_platform.kubernetes_manifest.components["schemaregistry"]: Still creating... [2m20s elapsed]
TestTerraformCompleteExample 2022-08-04T19:09:34Z logger.go:66: module.confluent_platform.kubernetes_manifest.components["schemaregistry"]: Still creating... [2m30s elapsed]
TestTerraformCompleteExample 2022-08-04T19:09:44Z logger.go:66: module.confluent_platform.kubernetes_manifest.components["schemaregistry"]: Still creating... [2m40s elapsed]
TestTerraformCompleteExample 2022-08-04T19:09:54Z logger.go:66: module.confluent_platform.kubernetes_manifest.components["schemaregistry"]: Still creating... [2m50s elapsed]
TestTerraformCompleteExample 2022-08-04T19:10:04Z logger.go:66: module.confluent_platform.kubernetes_manifest.components["schemaregistry"]: Still creating... [3m0s elapsed]
TestTerraformCompleteExample 2022-08-04T19:10:09Z logger.go:66: module.confluent_platform.kubernetes_manifest.components["schemaregistry"]: Creation complete after 3m4s
TestTerraformCompleteExample 2022-08-04T19:10:09Z logger.go:66: module.confluent_platform.module.schemas["pageviews-value"].kubernetes_config_map_v1.schema_config: Creating...
TestTerraformCompleteExample 2022-08-04T19:10:10Z logger.go:66: module.confluent_platform.module.schemas["pageviews-value"].kubernetes_config_map_v1.schema_config: Creation complete after 0s [id=confluent/pageviews-value-config]
TestTerraformCompleteExample 2022-08-04T19:10:10Z logger.go:66: module.confluent_platform.data.kubernetes_resource.components["schemaregistry"]: Reading...
TestTerraformCompleteExample 2022-08-04T19:10:10Z logger.go:66: module.confluent_platform.data.kubernetes_resource.components["zookeeper"]: Reading...
TestTerraformCompleteExample 2022-08-04T19:10:10Z logger.go:66: module.confluent_platform.data.kubernetes_resource.components["connect"]: Reading...
TestTerraformCompleteExample 2022-08-04T19:10:10Z logger.go:66: module.confluent_platform.data.kubernetes_resource.components["kafka"]: Reading...
TestTerraformCompleteExample 2022-08-04T19:10:12Z logger.go:66: module.confluent_platform.module.kafka_topics["pageviews"].kubernetes_manifest.topic: Creating...
TestTerraformCompleteExample 2022-08-04T19:10:12Z logger.go:66: module.confluent_platform.module.schemas["pageviews-value"].kubernetes_manifest.schema: Creating...
TestTerraformCompleteExample 2022-08-04T19:10:12Z logger.go:66: module.confluent_platform.module.kafka_topics["my-other-topic"].kubernetes_manifest.topic: Creating...
TestTerraformCompleteExample 2022-08-04T19:10:13Z logger.go:66: module.confluent_platform.data.kubernetes_resource.components["zookeeper"]: Read complete after 3s
TestTerraformCompleteExample 2022-08-04T19:10:13Z logger.go:66: module.confluent_platform.data.kubernetes_resource.components["schemaregistry"]: Read complete after 4s
TestTerraformCompleteExample 2022-08-04T19:10:13Z logger.go:66: module.confluent_platform.data.kubernetes_resource.components["connect"]: Read complete after 3s
TestTerraformCompleteExample 2022-08-04T19:10:14Z logger.go:66: module.confluent_platform.data.kubernetes_resource.components["kafka"]: Read complete after 3s
TestTerraformCompleteExample 2022-08-04T19:10:15Z logger.go:66: module.confluent_platform.module.kafka_topics["pageviews"].kubernetes_manifest.topic: Creation complete after 2s
TestTerraformCompleteExample 2022-08-04T19:10:15Z logger.go:66: module.confluent_platform.module.kafka_topics["pageviews"].data.kubernetes_resource.topic: Reading...
TestTerraformCompleteExample 2022-08-04T19:10:15Z logger.go:66: module.confluent_platform.module.schemas["pageviews-value"].kubernetes_manifest.schema: Creation complete after 2s
TestTerraformCompleteExample 2022-08-04T19:10:15Z logger.go:66: module.confluent_platform.module.schemas["pageviews-value"].data.kubernetes_resource.schema: Reading...
TestTerraformCompleteExample 2022-08-04T19:10:15Z logger.go:66: module.confluent_platform.module.kafka_topics["pageviews"].data.kubernetes_resource.topic: Read complete after 1s
TestTerraformCompleteExample 2022-08-04T19:10:16Z logger.go:66: module.confluent_platform.module.schemas["pageviews-value"].data.kubernetes_resource.schema: Read complete after 0s
TestTerraformCompleteExample 2022-08-04T19:10:16Z logger.go:66: module.confluent_platform.module.kafka_topics["my-other-topic"].kubernetes_manifest.topic: Creation complete after 4s
TestTerraformCompleteExample 2022-08-04T19:10:16Z logger.go:66: module.confluent_platform.module.kafka_topics["my-other-topic"].data.kubernetes_resource.topic: Reading...
TestTerraformCompleteExample 2022-08-04T19:10:16Z logger.go:66: module.confluent_platform.module.kafka_topics["my-other-topic"].data.kubernetes_resource.topic: Read complete after 0s
TestTerraformCompleteExample 2022-08-04T19:10:17Z logger.go:66: module.confluent_platform.module.connectors["pageviews-source"].kubernetes_manifest.connector: Creating...
TestTerraformCompleteExample 2022-08-04T19:10:19Z logger.go:66: module.confluent_platform.module.connectors["pageviews-source"].kubernetes_manifest.connector: Creation complete after 2s
TestTerraformCompleteExample 2022-08-04T19:10:19Z logger.go:66: module.confluent_platform.module.connectors["pageviews-source"].data.kubernetes_resource.connector: Reading...
TestTerraformCompleteExample 2022-08-04T19:10:20Z logger.go:66: module.confluent_platform.module.connectors["pageviews-source"].data.kubernetes_resource.connector: Read complete after 1s
TestTerraformCompleteExample 2022-08-04T19:10:20Z logger.go:66:
TestTerraformCompleteExample 2022-08-04T19:10:20Z logger.go:66: Apply complete! Resources: 11 added, 0 changed, 0 destroyed.
TestTerraformCompleteExample 2022-08-04T19:10:20Z logger.go:66:
TestTerraformCompleteExample 2022-08-04T19:10:20Z logger.go:66: Outputs:
TestTerraformCompleteExample 2022-08-04T19:10:20Z logger.go:66:
TestTerraformCompleteExample 2022-08-04T19:10:20Z logger.go:66: confluent_operator = {
TestTerraformCompleteExample 2022-08-04T19:10:20Z logger.go:66:   "app_version" = "2.4.0"
TestTerraformCompleteExample 2022-08-04T19:10:20Z logger.go:66:   "chart_version" = "0.517.12"
TestTerraformCompleteExample 2022-08-04T19:10:20Z logger.go:66:   "namespace" = "confluent"
TestTerraformCompleteExample 2022-08-04T19:10:20Z logger.go:66: }
TestTerraformCompleteExample 2022-08-04T19:10:20Z logger.go:66: connect_manifest = {
TestTerraformCompleteExample 2022-08-04T19:10:20Z logger.go:66:   "apiVersion" = "platform.confluent.io/v1beta1"
TestTerraformCompleteExample 2022-08-04T19:10:20Z logger.go:66:   "kind" = "Connect"
TestTerraformCompleteExample 2022-08-04T19:10:20Z logger.go:66:   "metadata" = {
TestTerraformCompleteExample 2022-08-04T19:10:20Z logger.go:66:     "name" = "connect"
TestTerraformCompleteExample 2022-08-04T19:10:20Z logger.go:66:     "namespace" = "confluent"
TestTerraformCompleteExample 2022-08-04T19:10:20Z logger.go:66:   }
TestTerraformCompleteExample 2022-08-04T19:10:20Z logger.go:66:   "spec" = {
TestTerraformCompleteExample 2022-08-04T19:10:20Z logger.go:66:     "build" = {
TestTerraformCompleteExample 2022-08-04T19:10:20Z logger.go:66:       "onDemand" = {
TestTerraformCompleteExample 2022-08-04T19:10:20Z logger.go:66:         "plugins" = {
TestTerraformCompleteExample 2022-08-04T19:10:20Z logger.go:66:           "confluentHub" = [
TestTerraformCompleteExample 2022-08-04T19:10:20Z logger.go:66:             {
TestTerraformCompleteExample 2022-08-04T19:10:20Z logger.go:66:               "name" = "kafka-connect-datagen"
TestTerraformCompleteExample 2022-08-04T19:10:20Z logger.go:66:               "owner" = "confluentinc"
TestTerraformCompleteExample 2022-08-04T19:10:20Z logger.go:66:               "version" = "0.5.2"
TestTerraformCompleteExample 2022-08-04T19:10:20Z logger.go:66:             },
TestTerraformCompleteExample 2022-08-04T19:10:20Z logger.go:66:           ]
TestTerraformCompleteExample 2022-08-04T19:10:20Z logger.go:66:           "locationType" = "confluentHub"
TestTerraformCompleteExample 2022-08-04T19:10:20Z logger.go:66:         }
TestTerraformCompleteExample 2022-08-04T19:10:20Z logger.go:66:       }
TestTerraformCompleteExample 2022-08-04T19:10:20Z logger.go:66:       "type" = "onDemand"
TestTerraformCompleteExample 2022-08-04T19:10:20Z logger.go:66:     }
TestTerraformCompleteExample 2022-08-04T19:10:20Z logger.go:66:     "dependencies" = {
TestTerraformCompleteExample 2022-08-04T19:10:20Z logger.go:66:       "kafka" = {
TestTerraformCompleteExample 2022-08-04T19:10:20Z logger.go:66:         "bootstrapEndpoint" = "kafka:9071"
TestTerraformCompleteExample 2022-08-04T19:10:20Z logger.go:66:       }
TestTerraformCompleteExample 2022-08-04T19:10:20Z logger.go:66:     }
TestTerraformCompleteExample 2022-08-04T19:10:20Z logger.go:66:     "image" = {
TestTerraformCompleteExample 2022-08-04T19:10:20Z logger.go:66:       "application" = "confluentinc/cp-server-connect:7.2.0"
TestTerraformCompleteExample 2022-08-04T19:10:20Z logger.go:66:       "init" = "confluentinc/confluent-init-container:2.4.0"
TestTerraformCompleteExample 2022-08-04T19:10:20Z logger.go:66:     }
TestTerraformCompleteExample 2022-08-04T19:10:20Z logger.go:66:     "replicas" = 1
TestTerraformCompleteExample 2022-08-04T19:10:20Z logger.go:66:   }
TestTerraformCompleteExample 2022-08-04T19:10:20Z logger.go:66: }
TestTerraformCompleteExample 2022-08-04T19:10:20Z logger.go:66: connect_object_spec = {
TestTerraformCompleteExample 2022-08-04T19:10:20Z logger.go:66:   "authentication" = {
TestTerraformCompleteExample 2022-08-04T19:10:20Z logger.go:66:     "basic" = {
TestTerraformCompleteExample 2022-08-04T19:10:20Z logger.go:66:       "debug" = tobool(null)
TestTerraformCompleteExample 2022-08-04T19:10:20Z logger.go:66:       "directoryPathInContainer" = tostring(null)
TestTerraformCompleteExample 2022-08-04T19:10:20Z logger.go:66:       "restrictedRoles" = tolist(null) /* of string */
TestTerraformCompleteExample 2022-08-04T19:10:20Z logger.go:66:       "roles" = tolist(null) /* of string */
TestTerraformCompleteExample 2022-08-04T19:10:20Z logger.go:66:       "secretRef" = tostring(null)
TestTerraformCompleteExample 2022-08-04T19:10:20Z logger.go:66:     }
TestTerraformCompleteExample 2022-08-04T19:10:20Z logger.go:66:     "type" = tostring(null)
TestTerraformCompleteExample 2022-08-04T19:10:20Z logger.go:66:   }
TestTerraformCompleteExample 2022-08-04T19:10:20Z logger.go:66:   "authorization" = {
TestTerraformCompleteExample 2022-08-04T19:10:20Z logger.go:66:     "kafkaRestClassRef" = {
TestTerraformCompleteExample 2022-08-04T19:10:20Z logger.go:66:       "name" = tostring(null)
TestTerraformCompleteExample 2022-08-04T19:10:20Z logger.go:66:       "namespace" = tostring(null)
TestTerraformCompleteExample 2022-08-04T19:10:20Z logger.go:66:     }
TestTerraformCompleteExample 2022-08-04T19:10:20Z logger.go:66:     "type" = tostring(null)
TestTerraformCompleteExample 2022-08-04T19:10:20Z logger.go:66:   }
TestTerraformCompleteExample 2022-08-04T19:10:20Z logger.go:66:   "build" = {
TestTerraformCompleteExample 2022-08-04T19:10:20Z logger.go:66:     "onDemand" = {
TestTerraformCompleteExample 2022-08-04T19:10:20Z logger.go:66:       "plugins" = {
TestTerraformCompleteExample 2022-08-04T19:10:20Z logger.go:66:         "confluentHub" = tolist([
TestTerraformCompleteExample 2022-08-04T19:10:20Z logger.go:66:           {
TestTerraformCompleteExample 2022-08-04T19:10:20Z logger.go:66:             "name" = "kafka-connect-datagen"
TestTerraformCompleteExample 2022-08-04T19:10:20Z logger.go:66:             "owner" = "confluentinc"
TestTerraformCompleteExample 2022-08-04T19:10:20Z logger.go:66:             "version" = "0.5.2"
TestTerraformCompleteExample 2022-08-04T19:10:20Z logger.go:66:           },
TestTerraformCompleteExample 2022-08-04T19:10:20Z logger.go:66:         ])
TestTerraformCompleteExample 2022-08-04T19:10:20Z logger.go:66:         "locationType" = "confluentHub"
TestTerraformCompleteExample 2022-08-04T19:10:20Z logger.go:66:         "url" = tolist(null) /* of object */
TestTerraformCompleteExample 2022-08-04T19:10:20Z logger.go:66:       }
TestTerraformCompleteExample 2022-08-04T19:10:20Z logger.go:66:       "storageLimit" = tostring(null)
TestTerraformCompleteExample 2022-08-04T19:10:20Z logger.go:66:     }
TestTerraformCompleteExample 2022-08-04T19:10:20Z logger.go:66:     "type" = "onDemand"
TestTerraformCompleteExample 2022-08-04T19:10:20Z logger.go:66:   }
TestTerraformCompleteExample 2022-08-04T19:10:20Z logger.go:66:   "configOverrides" = {
TestTerraformCompleteExample 2022-08-04T19:10:20Z logger.go:66:     "jvm" = tolist(null) /* of string */
TestTerraformCompleteExample 2022-08-04T19:10:20Z logger.go:66:     "log4j" = tolist(null) /* of string */
TestTerraformCompleteExample 2022-08-04T19:10:20Z logger.go:66:     "server" = tolist(null) /* of string */
TestTerraformCompleteExample 2022-08-04T19:10:20Z logger.go:66:   }
TestTerraformCompleteExample 2022-08-04T19:10:20Z logger.go:66:   "connectorOverridePolicy" = tostring(null)
TestTerraformCompleteExample 2022-08-04T19:10:20Z logger.go:66:   "connectorTLSCerts" = tolist(null) /* of object */
TestTerraformCompleteExample 2022-08-04T19:10:20Z logger.go:66:   "dependencies" = {
TestTerraformCompleteExample 2022-08-04T19:10:20Z logger.go:66:     "admin" = {
TestTerraformCompleteExample 2022-08-04T19:10:20Z logger.go:66:       "authentication" = {
TestTerraformCompleteExample 2022-08-04T19:10:20Z logger.go:66:         "jaasConfig" = {
TestTerraformCompleteExample 2022-08-04T19:10:20Z logger.go:66:           "secretRef" = tostring(null)
TestTerraformCompleteExample 2022-08-04T19:10:20Z logger.go:66:         }
TestTerraformCompleteExample 2022-08-04T19:10:20Z logger.go:66:         "jaasConfigPassThrough" = {
TestTerraformCompleteExample 2022-08-04T19:10:20Z logger.go:66:           "directoryPathInContainer" = tostring(null)
TestTerraformCompleteExample 2022-08-04T19:10:20Z logger.go:66:           "secretRef" = tostring(null)
TestTerraformCompleteExample 2022-08-04T19:10:20Z logger.go:66:         }
TestTerraformCompleteExample 2022-08-04T19:10:20Z logger.go:66:         "oauthbearer" = {
TestTerraformCompleteExample 2022-08-04T19:10:20Z logger.go:66:           "directoryPathInContainer" = tostring(null)
TestTerraformCompleteExample 2022-08-04T19:10:20Z logger.go:66:           "secretRef" = tostring(null)
TestTerraformCompleteExample 2022-08-04T19:10:20Z logger.go:66:         }
TestTerraformCompleteExample 2022-08-04T19:10:20Z logger.go:66:         "type" = tostring(null)
TestTerraformCompleteExample 2022-08-04T19:10:20Z logger.go:66:       }
TestTerraformCompleteExample 2022-08-04T19:10:20Z logger.go:66:       "bootstrapEndpoint" = tostring(null)
TestTerraformCompleteExample 2022-08-04T19:10:20Z logger.go:66:       "discovery" = {
TestTerraformCompleteExample 2022-08-04T19:10:20Z logger.go:66:         "name" = tostring(null)
TestTerraformCompleteExample 2022-08-04T19:10:20Z logger.go:66:         "namespace" = tostring(null)
TestTerraformCompleteExample 2022-08-04T19:10:20Z logger.go:66:         "secretRef" = tostring(null)
TestTerraformCompleteExample 2022-08-04T19:10:20Z logger.go:66:       }
TestTerraformCompleteExample 2022-08-04T19:10:20Z logger.go:66:       "tls" = {
TestTerraformCompleteExample 2022-08-04T19:10:20Z logger.go:66:         "directoryPathInContainer" = tostring(null)
TestTerraformCompleteExample 2022-08-04T19:10:20Z logger.go:66:         "enabled" = tobool(null)
TestTerraformCompleteExample 2022-08-04T19:10:20Z logger.go:66:         "ignoreTrustStoreConfig" = tobool(null)
TestTerraformCompleteExample 2022-08-04T19:10:20Z logger.go:66:         "jksPassword" = {
TestTerraformCompleteExample 2022-08-04T19:10:20Z logger.go:66:           "secretRef" = tostring(null)
TestTerraformCompleteExample 2022-08-04T19:10:20Z logger.go:66:         }
TestTerraformCompleteExample 2022-08-04T19:10:20Z logger.go:66:         "secretRef" = tostring(null)
TestTerraformCompleteExample 2022-08-04T19:10:20Z logger.go:66:       }
TestTerraformCompleteExample 2022-08-04T19:10:20Z logger.go:66:     }
TestTerraformCompleteExample 2022-08-04T19:10:20Z logger.go:66:     "consumer" = {
TestTerraformCompleteExample 2022-08-04T19:10:20Z logger.go:66:       "authentication" = {
TestTerraformCompleteExample 2022-08-04T19:10:20Z logger.go:66:         "jaasConfig" = {
TestTerraformCompleteExample 2022-08-04T19:10:20Z logger.go:66:           "secretRef" = tostring(null)
TestTerraformCompleteExample 2022-08-04T19:10:20Z logger.go:66:         }
TestTerraformCompleteExample 2022-08-04T19:10:20Z logger.go:66:         "jaasConfigPassThrough" = {
TestTerraformCompleteExample 2022-08-04T19:10:20Z logger.go:66:           "directoryPathInContainer" = tostring(null)
TestTerraformCompleteExample 2022-08-04T19:10:20Z logger.go:66:           "secretRef" = tostring(null)
TestTerraformCompleteExample 2022-08-04T19:10:20Z logger.go:66:         }
TestTerraformCompleteExample 2022-08-04T19:10:20Z logger.go:66:         "oauthbearer" = {
TestTerraformCompleteExample 2022-08-04T19:10:20Z logger.go:66:           "directoryPathInContainer" = tostring(null)
TestTerraformCompleteExample 2022-08-04T19:10:20Z logger.go:66:           "secretRef" = tostring(null)
TestTerraformCompleteExample 2022-08-04T19:10:20Z logger.go:66:         }
TestTerraformCompleteExample 2022-08-04T19:10:20Z logger.go:66:         "type" = tostring(null)
TestTerraformCompleteExample 2022-08-04T19:10:20Z logger.go:66:       }
TestTerraformCompleteExample 2022-08-04T19:10:20Z logger.go:66:       "bootstrapEndpoint" = tostring(null)
TestTerraformCompleteExample 2022-08-04T19:10:20Z logger.go:66:       "discovery" = {
TestTerraformCompleteExample 2022-08-04T19:10:20Z logger.go:66:         "name" = tostring(null)
TestTerraformCompleteExample 2022-08-04T19:10:20Z logger.go:66:         "namespace" = tostring(null)
TestTerraformCompleteExample 2022-08-04T19:10:20Z logger.go:66:         "secretRef" = tostring(null)
TestTerraformCompleteExample 2022-08-04T19:10:20Z logger.go:66:       }
TestTerraformCompleteExample 2022-08-04T19:10:20Z logger.go:66:       "tls" = {
TestTerraformCompleteExample 2022-08-04T19:10:20Z logger.go:66:         "directoryPathInContainer" = tostring(null)
TestTerraformCompleteExample 2022-08-04T19:10:20Z logger.go:66:         "enabled" = tobool(null)
TestTerraformCompleteExample 2022-08-04T19:10:20Z logger.go:66:         "ignoreTrustStoreConfig" = tobool(null)
TestTerraformCompleteExample 2022-08-04T19:10:20Z logger.go:66:         "jksPassword" = {
TestTerraformCompleteExample 2022-08-04T19:10:20Z logger.go:66:           "secretRef" = tostring(null)
TestTerraformCompleteExample 2022-08-04T19:10:20Z logger.go:66:         }
TestTerraformCompleteExample 2022-08-04T19:10:20Z logger.go:66:         "secretRef" = tostring(null)
TestTerraformCompleteExample 2022-08-04T19:10:20Z logger.go:66:       }
TestTerraformCompleteExample 2022-08-04T19:10:20Z logger.go:66:     }
TestTerraformCompleteExample 2022-08-04T19:10:20Z logger.go:66:     "interceptor" = {
TestTerraformCompleteExample 2022-08-04T19:10:20Z logger.go:66:       "configs" = tolist(null) /* of string */
TestTerraformCompleteExample 2022-08-04T19:10:20Z logger.go:66:       "consumer" = {
TestTerraformCompleteExample 2022-08-04T19:10:20Z logger.go:66:         "authentication" = {
TestTerraformCompleteExample 2022-08-04T19:10:20Z logger.go:66:           "jaasConfig" = {
TestTerraformCompleteExample 2022-08-04T19:10:20Z logger.go:66:             "secretRef" = tostring(null)
TestTerraformCompleteExample 2022-08-04T19:10:20Z logger.go:66:           }
TestTerraformCompleteExample 2022-08-04T19:10:20Z logger.go:66:           "jaasConfigPassThrough" = {
TestTerraformCompleteExample 2022-08-04T19:10:20Z logger.go:66:             "directoryPathInContainer" = tostring(null)
TestTerraformCompleteExample 2022-08-04T19:10:20Z logger.go:66:             "secretRef" = tostring(null)
TestTerraformCompleteExample 2022-08-04T19:10:20Z logger.go:66:           }
TestTerraformCompleteExample 2022-08-04T19:10:20Z logger.go:66:           "oauthbearer" = {
TestTerraformCompleteExample 2022-08-04T19:10:20Z logger.go:66:             "directoryPathInContainer" = tostring(null)
TestTerraformCompleteExample 2022-08-04T19:10:20Z logger.go:66:             "secretRef" = tostring(null)
TestTerraformCompleteExample 2022-08-04T19:10:20Z logger.go:66:           }
TestTerraformCompleteExample 2022-08-04T19:10:20Z logger.go:66:           "type" = tostring(null)
TestTerraformCompleteExample 2022-08-04T19:10:20Z logger.go:66:         }
TestTerraformCompleteExample 2022-08-04T19:10:20Z logger.go:66:         "bootstrapEndpoint" = tostring(null)
TestTerraformCompleteExample 2022-08-04T19:10:20Z logger.go:66:         "discovery" = {
TestTerraformCompleteExample 2022-08-04T19:10:20Z logger.go:66:           "name" = tostring(null)
TestTerraformCompleteExample 2022-08-04T19:10:20Z logger.go:66:           "namespace" = tostring(null)
TestTerraformCompleteExample 2022-08-04T19:10:20Z logger.go:66:           "secretRef" = tostring(null)
TestTerraformCompleteExample 2022-08-04T19:10:20Z logger.go:66:         }
TestTerraformCompleteExample 2022-08-04T19:10:20Z logger.go:66:         "tls" = {
TestTerraformCompleteExample 2022-08-04T19:10:20Z logger.go:66:           "directoryPathInContainer" = tostring(null)
TestTerraformCompleteExample 2022-08-04T19:10:20Z logger.go:66:           "enabled" = tobool(null)
TestTerraformCompleteExample 2022-08-04T19:10:20Z logger.go:66:           "ignoreTrustStoreConfig" = tobool(null)
TestTerraformCompleteExample 2022-08-04T19:10:20Z logger.go:66:           "jksPassword" = {
TestTerraformCompleteExample 2022-08-04T19:10:20Z logger.go:66:             "secretRef" = tostring(null)
TestTerraformCompleteExample 2022-08-04T19:10:20Z logger.go:66:           }
TestTerraformCompleteExample 2022-08-04T19:10:20Z logger.go:66:           "secretRef" = tostring(null)
TestTerraformCompleteExample 2022-08-04T19:10:20Z logger.go:66:         }
TestTerraformCompleteExample 2022-08-04T19:10:20Z logger.go:66:       }
TestTerraformCompleteExample 2022-08-04T19:10:20Z logger.go:66:       "enabled" = tobool(null)
TestTerraformCompleteExample 2022-08-04T19:10:20Z logger.go:66:       "producer" = {
TestTerraformCompleteExample 2022-08-04T19:10:20Z logger.go:66:         "authentication" = {
TestTerraformCompleteExample 2022-08-04T19:10:20Z logger.go:66:           "jaasConfig" = {
TestTerraformCompleteExample 2022-08-04T19:10:20Z logger.go:66:             "secretRef" = tostring(null)
TestTerraformCompleteExample 2022-08-04T19:10:20Z logger.go:66:           }
TestTerraformCompleteExample 2022-08-04T19:10:20Z logger.go:66:           "jaasConfigPassThrough" = {
TestTerraformCompleteExample 2022-08-04T19:10:20Z logger.go:66:             "directoryPathInContainer" = tostring(null)
TestTerraformCompleteExample 2022-08-04T19:10:20Z logger.go:66:             "secretRef" = tostring(null)
TestTerraformCompleteExample 2022-08-04T19:10:20Z logger.go:66:           }
TestTerraformCompleteExample 2022-08-04T19:10:20Z logger.go:66:           "oauthbearer" = {
TestTerraformCompleteExample 2022-08-04T19:10:20Z logger.go:66:             "directoryPathInContainer" = tostring(null)
TestTerraformCompleteExample 2022-08-04T19:10:20Z logger.go:66:             "secretRef" = tostring(null)
TestTerraformCompleteExample 2022-08-04T19:10:20Z logger.go:66:           }
TestTerraformCompleteExample 2022-08-04T19:10:20Z logger.go:66:           "type" = tostring(null)
TestTerraformCompleteExample 2022-08-04T19:10:20Z logger.go:66:         }
TestTerraformCompleteExample 2022-08-04T19:10:20Z logger.go:66:         "bootstrapEndpoint" = tostring(null)
TestTerraformCompleteExample 2022-08-04T19:10:20Z logger.go:66:         "discovery" = {
TestTerraformCompleteExample 2022-08-04T19:10:20Z logger.go:66:           "name" = tostring(null)
TestTerraformCompleteExample 2022-08-04T19:10:20Z logger.go:66:           "namespace" = tostring(null)
TestTerraformCompleteExample 2022-08-04T19:10:20Z logger.go:66:           "secretRef" = tostring(null)
TestTerraformCompleteExample 2022-08-04T19:10:20Z logger.go:66:         }
TestTerraformCompleteExample 2022-08-04T19:10:20Z logger.go:66:         "tls" = {
TestTerraformCompleteExample 2022-08-04T19:10:20Z logger.go:66:           "directoryPathInContainer" = tostring(null)
TestTerraformCompleteExample 2022-08-04T19:10:20Z logger.go:66:           "enabled" = tobool(null)
TestTerraformCompleteExample 2022-08-04T19:10:20Z logger.go:66:           "ignoreTrustStoreConfig" = tobool(null)
TestTerraformCompleteExample 2022-08-04T19:10:20Z logger.go:66:           "jksPassword" = {
TestTerraformCompleteExample 2022-08-04T19:10:20Z logger.go:66:             "secretRef" = tostring(null)
TestTerraformCompleteExample 2022-08-04T19:10:20Z logger.go:66:           }
TestTerraformCompleteExample 2022-08-04T19:10:20Z logger.go:66:           "secretRef" = tostring(null)
TestTerraformCompleteExample 2022-08-04T19:10:20Z logger.go:66:         }
TestTerraformCompleteExample 2022-08-04T19:10:20Z logger.go:66:       }
TestTerraformCompleteExample 2022-08-04T19:10:20Z logger.go:66:       "publishMs" = tonumber(null)
TestTerraformCompleteExample 2022-08-04T19:10:20Z logger.go:66:     }
TestTerraformCompleteExample 2022-08-04T19:10:20Z logger.go:66:     "kafka" = {
TestTerraformCompleteExample 2022-08-04T19:10:20Z logger.go:66:       "authentication" = {
TestTerraformCompleteExample 2022-08-04T19:10:20Z logger.go:66:         "jaasConfig" = {
TestTerraformCompleteExample 2022-08-04T19:10:20Z logger.go:66:           "secretRef" = tostring(null)
TestTerraformCompleteExample 2022-08-04T19:10:20Z logger.go:66:         }
TestTerraformCompleteExample 2022-08-04T19:10:20Z logger.go:66:         "jaasConfigPassThrough" = {
TestTerraformCompleteExample 2022-08-04T19:10:20Z logger.go:66:           "directoryPathInContainer" = tostring(null)
TestTerraformCompleteExample 2022-08-04T19:10:20Z logger.go:66:           "secretRef" = tostring(null)
TestTerraformCompleteExample 2022-08-04T19:10:20Z logger.go:66:         }
TestTerraformCompleteExample 2022-08-04T19:10:20Z logger.go:66:         "oauthbearer" = {
TestTerraformCompleteExample 2022-08-04T19:10:20Z logger.go:66:           "directoryPathInContainer" = tostring(null)
TestTerraformCompleteExample 2022-08-04T19:10:20Z logger.go:66:           "secretRef" = tostring(null)
TestTerraformCompleteExample 2022-08-04T19:10:20Z logger.go:66:         }
TestTerraformCompleteExample 2022-08-04T19:10:20Z logger.go:66:         "type" = tostring(null)
TestTerraformCompleteExample 2022-08-04T19:10:20Z logger.go:66:       }
TestTerraformCompleteExample 2022-08-04T19:10:20Z logger.go:66:       "bootstrapEndpoint" = "kafka:9071"
TestTerraformCompleteExample 2022-08-04T19:10:20Z logger.go:66:       "discovery" = {
TestTerraformCompleteExample 2022-08-04T19:10:20Z logger.go:66:         "name" = tostring(null)
TestTerraformCompleteExample 2022-08-04T19:10:20Z logger.go:66:         "namespace" = tostring(null)
TestTerraformCompleteExample 2022-08-04T19:10:20Z logger.go:66:         "secretRef" = tostring(null)
TestTerraformCompleteExample 2022-08-04T19:10:20Z logger.go:66:       }
TestTerraformCompleteExample 2022-08-04T19:10:20Z logger.go:66:       "tls" = {
TestTerraformCompleteExample 2022-08-04T19:10:20Z logger.go:66:         "directoryPathInContainer" = tostring(null)
TestTerraformCompleteExample 2022-08-04T19:10:20Z logger.go:66:         "enabled" = tobool(null)
TestTerraformCompleteExample 2022-08-04T19:10:20Z logger.go:66:         "ignoreTrustStoreConfig" = tobool(null)
TestTerraformCompleteExample 2022-08-04T19:10:20Z logger.go:66:         "jksPassword" = {
TestTerraformCompleteExample 2022-08-04T19:10:20Z logger.go:66:           "secretRef" = tostring(null)
TestTerraformCompleteExample 2022-08-04T19:10:20Z logger.go:66:         }
TestTerraformCompleteExample 2022-08-04T19:10:20Z logger.go:66:         "secretRef" = tostring(null)
TestTerraformCompleteExample 2022-08-04T19:10:20Z logger.go:66:       }
TestTerraformCompleteExample 2022-08-04T19:10:20Z logger.go:66:     }
TestTerraformCompleteExample 2022-08-04T19:10:20Z logger.go:66:     "mds" = {
TestTerraformCompleteExample 2022-08-04T19:10:20Z logger.go:66:       "authentication" = {
TestTerraformCompleteExample 2022-08-04T19:10:20Z logger.go:66:         "bearer" = {
TestTerraformCompleteExample 2022-08-04T19:10:20Z logger.go:66:           "directoryPathInContainer" = tostring(null)
TestTerraformCompleteExample 2022-08-04T19:10:20Z logger.go:66:           "secretRef" = tostring(null)
TestTerraformCompleteExample 2022-08-04T19:10:20Z logger.go:66:         }
TestTerraformCompleteExample 2022-08-04T19:10:20Z logger.go:66:         "type" = tostring(null)
TestTerraformCompleteExample 2022-08-04T19:10:20Z logger.go:66:       }
TestTerraformCompleteExample 2022-08-04T19:10:20Z logger.go:66:       "endpoint" = tostring(null)
TestTerraformCompleteExample 2022-08-04T19:10:20Z logger.go:66:       "tls" = {
TestTerraformCompleteExample 2022-08-04T19:10:20Z logger.go:66:         "directoryPathInContainer" = tostring(null)
TestTerraformCompleteExample 2022-08-04T19:10:20Z logger.go:66:         "enabled" = tobool(null)
TestTerraformCompleteExample 2022-08-04T19:10:20Z logger.go:66:         "ignoreTrustStoreConfig" = tobool(null)
TestTerraformCompleteExample 2022-08-04T19:10:20Z logger.go:66:         "jksPassword" = {
TestTerraformCompleteExample 2022-08-04T19:10:20Z logger.go:66:           "secretRef" = tostring(null)
TestTerraformCompleteExample 2022-08-04T19:10:20Z logger.go:66:         }
TestTerraformCompleteExample 2022-08-04T19:10:20Z logger.go:66:         "secretRef" = tostring(null)
TestTerraformCompleteExample 2022-08-04T19:10:20Z logger.go:66:       }
TestTerraformCompleteExample 2022-08-04T19:10:20Z logger.go:66:       "tokenKeyPair" = {
TestTerraformCompleteExample 2022-08-04T19:10:20Z logger.go:66:         "directoryPathInContainer" = tostring(null)
TestTerraformCompleteExample 2022-08-04T19:10:20Z logger.go:66:         "secretRef" = tostring(null)
TestTerraformCompleteExample 2022-08-04T19:10:20Z logger.go:66:       }
TestTerraformCompleteExample 2022-08-04T19:10:20Z logger.go:66:     }
TestTerraformCompleteExample 2022-08-04T19:10:20Z logger.go:66:     "producer" = {
TestTerraformCompleteExample 2022-08-04T19:10:20Z logger.go:66:       "authentication" = {
TestTerraformCompleteExample 2022-08-04T19:10:20Z logger.go:66:         "jaasConfig" = {
TestTerraformCompleteExample 2022-08-04T19:10:20Z logger.go:66:           "secretRef" = tostring(null)
TestTerraformCompleteExample 2022-08-04T19:10:20Z logger.go:66:         }
TestTerraformCompleteExample 2022-08-04T19:10:20Z logger.go:66:         "jaasConfigPassThrough" = {
TestTerraformCompleteExample 2022-08-04T19:10:20Z logger.go:66:           "directoryPathInContainer" = tostring(null)
TestTerraformCompleteExample 2022-08-04T19:10:20Z logger.go:66:           "secretRef" = tostring(null)
TestTerraformCompleteExample 2022-08-04T19:10:20Z logger.go:66:         }
TestTerraformCompleteExample 2022-08-04T19:10:20Z logger.go:66:         "oauthbearer" = {
TestTerraformCompleteExample 2022-08-04T19:10:20Z logger.go:66:           "directoryPathInContainer" = tostring(null)
TestTerraformCompleteExample 2022-08-04T19:10:20Z logger.go:66:           "secretRef" = tostring(null)
TestTerraformCompleteExample 2022-08-04T19:10:20Z logger.go:66:         }
TestTerraformCompleteExample 2022-08-04T19:10:20Z logger.go:66:         "type" = tostring(null)
TestTerraformCompleteExample 2022-08-04T19:10:20Z logger.go:66:       }
TestTerraformCompleteExample 2022-08-04T19:10:20Z logger.go:66:       "bootstrapEndpoint" = tostring(null)
TestTerraformCompleteExample 2022-08-04T19:10:20Z logger.go:66:       "discovery" = {
TestTerraformCompleteExample 2022-08-04T19:10:20Z logger.go:66:         "name" = tostring(null)
TestTerraformCompleteExample 2022-08-04T19:10:20Z logger.go:66:         "namespace" = tostring(null)
TestTerraformCompleteExample 2022-08-04T19:10:20Z logger.go:66:         "secretRef" = tostring(null)
TestTerraformCompleteExample 2022-08-04T19:10:20Z logger.go:66:       }
TestTerraformCompleteExample 2022-08-04T19:10:20Z logger.go:66:       "tls" = {
TestTerraformCompleteExample 2022-08-04T19:10:20Z logger.go:66:         "directoryPathInContainer" = tostring(null)
TestTerraformCompleteExample 2022-08-04T19:10:20Z logger.go:66:         "enabled" = tobool(null)
TestTerraformCompleteExample 2022-08-04T19:10:20Z logger.go:66:         "ignoreTrustStoreConfig" = tobool(null)
TestTerraformCompleteExample 2022-08-04T19:10:20Z logger.go:66:         "jksPassword" = {
TestTerraformCompleteExample 2022-08-04T19:10:20Z logger.go:66:           "secretRef" = tostring(null)
TestTerraformCompleteExample 2022-08-04T19:10:20Z logger.go:66:         }
TestTerraformCompleteExample 2022-08-04T19:10:20Z logger.go:66:         "secretRef" = tostring(null)
TestTerraformCompleteExample 2022-08-04T19:10:20Z logger.go:66:       }
TestTerraformCompleteExample 2022-08-04T19:10:20Z logger.go:66:     }
TestTerraformCompleteExample 2022-08-04T19:10:20Z logger.go:66:     "schemaRegistry" = {
TestTerraformCompleteExample 2022-08-04T19:10:20Z logger.go:66:       "authentication" = {
TestTerraformCompleteExample 2022-08-04T19:10:20Z logger.go:66:         "basic" = {
TestTerraformCompleteExample 2022-08-04T19:10:20Z logger.go:66:           "debug" = tobool(null)
TestTerraformCompleteExample 2022-08-04T19:10:20Z logger.go:66:           "directoryPathInContainer" = tostring(null)
TestTerraformCompleteExample 2022-08-04T19:10:20Z logger.go:66:           "restrictedRoles" = tolist(null) /* of string */
TestTerraformCompleteExample 2022-08-04T19:10:20Z logger.go:66:           "roles" = tolist(null) /* of string */
TestTerraformCompleteExample 2022-08-04T19:10:20Z logger.go:66:           "secretRef" = tostring(null)
TestTerraformCompleteExample 2022-08-04T19:10:20Z logger.go:66:         }
TestTerraformCompleteExample 2022-08-04T19:10:20Z logger.go:66:         "type" = tostring(null)
TestTerraformCompleteExample 2022-08-04T19:10:20Z logger.go:66:       }
TestTerraformCompleteExample 2022-08-04T19:10:20Z logger.go:66:       "tls" = {
TestTerraformCompleteExample 2022-08-04T19:10:20Z logger.go:66:         "directoryPathInContainer" = tostring(null)
TestTerraformCompleteExample 2022-08-04T19:10:20Z logger.go:66:         "enabled" = tobool(null)
TestTerraformCompleteExample 2022-08-04T19:10:20Z logger.go:66:         "ignoreTrustStoreConfig" = tobool(null)
TestTerraformCompleteExample 2022-08-04T19:10:20Z logger.go:66:         "jksPassword" = {
TestTerraformCompleteExample 2022-08-04T19:10:20Z logger.go:66:           "secretRef" = tostring(null)
TestTerraformCompleteExample 2022-08-04T19:10:20Z logger.go:66:         }
TestTerraformCompleteExample 2022-08-04T19:10:20Z logger.go:66:         "secretRef" = tostring(null)
TestTerraformCompleteExample 2022-08-04T19:10:20Z logger.go:66:       }
TestTerraformCompleteExample 2022-08-04T19:10:20Z logger.go:66:       "url" = tostring(null)
TestTerraformCompleteExample 2022-08-04T19:10:20Z logger.go:66:     }
TestTerraformCompleteExample 2022-08-04T19:10:20Z logger.go:66:   }
TestTerraformCompleteExample 2022-08-04T19:10:20Z logger.go:66:   "enableSchemas" = tobool(null)
TestTerraformCompleteExample 2022-08-04T19:10:20Z logger.go:66:   "externalAccess" = {
TestTerraformCompleteExample 2022-08-04T19:10:20Z logger.go:66:     "loadBalancer" = {
TestTerraformCompleteExample 2022-08-04T19:10:20Z logger.go:66:       "advertisedURL" = {
TestTerraformCompleteExample 2022-08-04T19:10:20Z logger.go:66:         "enabled" = tobool(null)
TestTerraformCompleteExample 2022-08-04T19:10:20Z logger.go:66:         "prefix" = tostring(null)
TestTerraformCompleteExample 2022-08-04T19:10:20Z logger.go:66:       }
TestTerraformCompleteExample 2022-08-04T19:10:20Z logger.go:66:       "annotations" = tomap(null) /* of string */
TestTerraformCompleteExample 2022-08-04T19:10:20Z logger.go:66:       "domain" = tostring(null)
TestTerraformCompleteExample 2022-08-04T19:10:20Z logger.go:66:       "externalTrafficPolicy" = tostring(null)
TestTerraformCompleteExample 2022-08-04T19:10:20Z logger.go:66:       "labels" = tomap(null) /* of string */
TestTerraformCompleteExample 2022-08-04T19:10:20Z logger.go:66:       "loadBalancerSourceRanges" = tolist(null) /* of string */
TestTerraformCompleteExample 2022-08-04T19:10:20Z logger.go:66:       "port" = tonumber(null)
TestTerraformCompleteExample 2022-08-04T19:10:20Z logger.go:66:       "prefix" = tostring(null)
TestTerraformCompleteExample 2022-08-04T19:10:20Z logger.go:66:       "servicePorts" = tolist(null) /* of object */
TestTerraformCompleteExample 2022-08-04T19:10:20Z logger.go:66:       "sessionAffinity" = tostring(null)
TestTerraformCompleteExample 2022-08-04T19:10:20Z logger.go:66:       "sessionAffinityConfig" = {
TestTerraformCompleteExample 2022-08-04T19:10:20Z logger.go:66:         "clientIP" = {
TestTerraformCompleteExample 2022-08-04T19:10:20Z logger.go:66:           "timeoutSeconds" = tonumber(null)
TestTerraformCompleteExample 2022-08-04T19:10:20Z logger.go:66:         }
TestTerraformCompleteExample 2022-08-04T19:10:20Z logger.go:66:       }
TestTerraformCompleteExample 2022-08-04T19:10:20Z logger.go:66:     }
TestTerraformCompleteExample 2022-08-04T19:10:20Z logger.go:66:     "nodePort" = {
TestTerraformCompleteExample 2022-08-04T19:10:20Z logger.go:66:       "advertisedURL" = {
TestTerraformCompleteExample 2022-08-04T19:10:20Z logger.go:66:         "enabled" = tobool(null)
TestTerraformCompleteExample 2022-08-04T19:10:20Z logger.go:66:         "prefix" = tostring(null)
TestTerraformCompleteExample 2022-08-04T19:10:20Z logger.go:66:       }
TestTerraformCompleteExample 2022-08-04T19:10:20Z logger.go:66:       "annotations" = tomap(null) /* of string */
TestTerraformCompleteExample 2022-08-04T19:10:20Z logger.go:66:       "externalTrafficPolicy" = tostring(null)
TestTerraformCompleteExample 2022-08-04T19:10:20Z logger.go:66:       "host" = tostring(null)
TestTerraformCompleteExample 2022-08-04T19:10:20Z logger.go:66:       "labels" = tomap(null) /* of string */
TestTerraformCompleteExample 2022-08-04T19:10:20Z logger.go:66:       "nodePortOffset" = tonumber(null)
TestTerraformCompleteExample 2022-08-04T19:10:20Z logger.go:66:       "servicePorts" = tolist(null) /* of object */
TestTerraformCompleteExample 2022-08-04T19:10:20Z logger.go:66:       "sessionAffinity" = tostring(null)
TestTerraformCompleteExample 2022-08-04T19:10:20Z logger.go:66:       "sessionAffinityConfig" = {
TestTerraformCompleteExample 2022-08-04T19:10:20Z logger.go:66:         "clientIP" = {
TestTerraformCompleteExample 2022-08-04T19:10:20Z logger.go:66:           "timeoutSeconds" = tonumber(null)
TestTerraformCompleteExample 2022-08-04T19:10:20Z logger.go:66:         }
TestTerraformCompleteExample 2022-08-04T19:10:20Z logger.go:66:       }
TestTerraformCompleteExample 2022-08-04T19:10:20Z logger.go:66:     }
TestTerraformCompleteExample 2022-08-04T19:10:20Z logger.go:66:     "route" = {
TestTerraformCompleteExample 2022-08-04T19:10:20Z logger.go:66:       "annotations" = tomap(null) /* of string */
TestTerraformCompleteExample 2022-08-04T19:10:20Z logger.go:66:       "domain" = tostring(null)
TestTerraformCompleteExample 2022-08-04T19:10:20Z logger.go:66:       "labels" = tomap(null) /* of string */
TestTerraformCompleteExample 2022-08-04T19:10:20Z logger.go:66:       "prefix" = tostring(null)
TestTerraformCompleteExample 2022-08-04T19:10:20Z logger.go:66:       "wildcardPolicy" = tostring(null)
TestTerraformCompleteExample 2022-08-04T19:10:20Z logger.go:66:     }
TestTerraformCompleteExample 2022-08-04T19:10:20Z logger.go:66:     "type" = tostring(null)
TestTerraformCompleteExample 2022-08-04T19:10:20Z logger.go:66:   }
TestTerraformCompleteExample 2022-08-04T19:10:20Z logger.go:66:   "headlessService" = {
TestTerraformCompleteExample 2022-08-04T19:10:20Z logger.go:66:     "annotations" = tomap(null) /* of string */
TestTerraformCompleteExample 2022-08-04T19:10:20Z logger.go:66:     "labels" = tomap(null) /* of string */
TestTerraformCompleteExample 2022-08-04T19:10:20Z logger.go:66:     "publishNotReadyAddresses" = tobool(null)
TestTerraformCompleteExample 2022-08-04T19:10:20Z logger.go:66:   }
TestTerraformCompleteExample 2022-08-04T19:10:20Z logger.go:66:   "image" = {
TestTerraformCompleteExample 2022-08-04T19:10:20Z logger.go:66:     "application" = "confluentinc/cp-server-connect:7.2.0"
TestTerraformCompleteExample 2022-08-04T19:10:20Z logger.go:66:     "init" = "confluentinc/confluent-init-container:2.4.0"
TestTerraformCompleteExample 2022-08-04T19:10:20Z logger.go:66:     "pullPolicy" = tostring(null)
TestTerraformCompleteExample 2022-08-04T19:10:20Z logger.go:66:     "pullSecretRef" = tolist(null) /* of string */
TestTerraformCompleteExample 2022-08-04T19:10:20Z logger.go:66:   }
TestTerraformCompleteExample 2022-08-04T19:10:20Z logger.go:66:   "injectAnnotations" = tomap(null) /* of string */
TestTerraformCompleteExample 2022-08-04T19:10:20Z logger.go:66:   "injectLabels" = tomap(null) /* of string */
TestTerraformCompleteExample 2022-08-04T19:10:20Z logger.go:66:   "internalTopicReplicationFactor" = tonumber(null)
TestTerraformCompleteExample 2022-08-04T19:10:20Z logger.go:66:   "k8sClusterDomain" = tostring(null)
TestTerraformCompleteExample 2022-08-04T19:10:20Z logger.go:66:   "keyConverterType" = tostring(null)
TestTerraformCompleteExample 2022-08-04T19:10:20Z logger.go:66:   "license" = {
TestTerraformCompleteExample 2022-08-04T19:10:20Z logger.go:66:     "directoryPathInContainer" = tostring(null)
TestTerraformCompleteExample 2022-08-04T19:10:20Z logger.go:66:     "globalLicense" = tobool(null)
TestTerraformCompleteExample 2022-08-04T19:10:20Z logger.go:66:     "secretRef" = tostring(null)
TestTerraformCompleteExample 2022-08-04T19:10:20Z logger.go:66:   }
TestTerraformCompleteExample 2022-08-04T19:10:20Z logger.go:66:   "metrics" = {
TestTerraformCompleteExample 2022-08-04T19:10:20Z logger.go:66:     "authentication" = {
TestTerraformCompleteExample 2022-08-04T19:10:20Z logger.go:66:       "type" = tostring(null)
TestTerraformCompleteExample 2022-08-04T19:10:20Z logger.go:66:     }
TestTerraformCompleteExample 2022-08-04T19:10:20Z logger.go:66:     "prometheus" = {
TestTerraformCompleteExample 2022-08-04T19:10:20Z logger.go:66:       "blacklist" = tolist(null) /* of string */
TestTerraformCompleteExample 2022-08-04T19:10:20Z logger.go:66:       "rules" = tolist(null) /* of object */
TestTerraformCompleteExample 2022-08-04T19:10:20Z logger.go:66:       "whitelist" = tolist(null) /* of string */
TestTerraformCompleteExample 2022-08-04T19:10:20Z logger.go:66:     }
TestTerraformCompleteExample 2022-08-04T19:10:20Z logger.go:66:     "tls" = {
TestTerraformCompleteExample 2022-08-04T19:10:20Z logger.go:66:       "directoryPathInContainer" = tostring(null)
TestTerraformCompleteExample 2022-08-04T19:10:20Z logger.go:66:       "enabled" = tobool(null)
TestTerraformCompleteExample 2022-08-04T19:10:20Z logger.go:66:       "ignoreTrustStoreConfig" = tobool(null)
TestTerraformCompleteExample 2022-08-04T19:10:20Z logger.go:66:       "jksPassword" = {
TestTerraformCompleteExample 2022-08-04T19:10:20Z logger.go:66:         "secretRef" = tostring(null)
TestTerraformCompleteExample 2022-08-04T19:10:20Z logger.go:66:       }
TestTerraformCompleteExample 2022-08-04T19:10:20Z logger.go:66:       "secretRef" = tostring(null)
TestTerraformCompleteExample 2022-08-04T19:10:20Z logger.go:66:     }
TestTerraformCompleteExample 2022-08-04T19:10:20Z logger.go:66:   }
TestTerraformCompleteExample 2022-08-04T19:10:20Z logger.go:66:   "mountedSecrets" = tolist(null) /* of object */
TestTerraformCompleteExample 2022-08-04T19:10:20Z logger.go:66:   "mountedVolumes" = {
TestTerraformCompleteExample 2022-08-04T19:10:20Z logger.go:66:     "volumeMounts" = tolist(null) /* of object */
TestTerraformCompleteExample 2022-08-04T19:10:20Z logger.go:66:     "volumes" = null /* tuple */
TestTerraformCompleteExample 2022-08-04T19:10:20Z logger.go:66:   }
TestTerraformCompleteExample 2022-08-04T19:10:20Z logger.go:66:   "oneReplicaPerNode" = tobool(null)
TestTerraformCompleteExample 2022-08-04T19:10:20Z logger.go:66:   "podTemplate" = {
TestTerraformCompleteExample 2022-08-04T19:10:20Z logger.go:66:     "affinity" = {
TestTerraformCompleteExample 2022-08-04T19:10:20Z logger.go:66:       "nodeAffinity" = {
TestTerraformCompleteExample 2022-08-04T19:10:20Z logger.go:66:         "preferredDuringSchedulingIgnoredDuringExecution" = tolist(null) /* of object */
TestTerraformCompleteExample 2022-08-04T19:10:20Z logger.go:66:         "requiredDuringSchedulingIgnoredDuringExecution" = {
TestTerraformCompleteExample 2022-08-04T19:10:20Z logger.go:66:           "nodeSelectorTerms" = tolist(null) /* of object */
TestTerraformCompleteExample 2022-08-04T19:10:20Z logger.go:66:         }
TestTerraformCompleteExample 2022-08-04T19:10:20Z logger.go:66:       }
TestTerraformCompleteExample 2022-08-04T19:10:20Z logger.go:66:       "podAffinity" = {
TestTerraformCompleteExample 2022-08-04T19:10:20Z logger.go:66:         "preferredDuringSchedulingIgnoredDuringExecution" = tolist(null) /* of object */
TestTerraformCompleteExample 2022-08-04T19:10:20Z logger.go:66:         "requiredDuringSchedulingIgnoredDuringExecution" = tolist(null) /* of object */
TestTerraformCompleteExample 2022-08-04T19:10:20Z logger.go:66:       }
TestTerraformCompleteExample 2022-08-04T19:10:20Z logger.go:66:       "podAntiAffinity" = {
TestTerraformCompleteExample 2022-08-04T19:10:20Z logger.go:66:         "preferredDuringSchedulingIgnoredDuringExecution" = tolist(null) /* of object */
TestTerraformCompleteExample 2022-08-04T19:10:20Z logger.go:66:         "requiredDuringSchedulingIgnoredDuringExecution" = tolist(null) /* of object */
TestTerraformCompleteExample 2022-08-04T19:10:20Z logger.go:66:       }
TestTerraformCompleteExample 2022-08-04T19:10:20Z logger.go:66:     }
TestTerraformCompleteExample 2022-08-04T19:10:20Z logger.go:66:     "annotations" = tomap(null) /* of string */
TestTerraformCompleteExample 2022-08-04T19:10:20Z logger.go:66:     "envVars" = tolist(null) /* of object */
TestTerraformCompleteExample 2022-08-04T19:10:20Z logger.go:66:     "labels" = tomap(null) /* of string */
TestTerraformCompleteExample 2022-08-04T19:10:20Z logger.go:66:     "podSecurityContext" = {
TestTerraformCompleteExample 2022-08-04T19:10:20Z logger.go:66:       "fsGroup" = tonumber(null)
TestTerraformCompleteExample 2022-08-04T19:10:20Z logger.go:66:       "fsGroupChangePolicy" = tostring(null)
TestTerraformCompleteExample 2022-08-04T19:10:20Z logger.go:66:       "runAsGroup" = tonumber(null)
TestTerraformCompleteExample 2022-08-04T19:10:20Z logger.go:66:       "runAsNonRoot" = tobool(null)
TestTerraformCompleteExample 2022-08-04T19:10:20Z logger.go:66:       "runAsUser" = tonumber(null)
TestTerraformCompleteExample 2022-08-04T19:10:20Z logger.go:66:       "seLinuxOptions" = {
TestTerraformCompleteExample 2022-08-04T19:10:20Z logger.go:66:         "level" = tostring(null)
TestTerraformCompleteExample 2022-08-04T19:10:20Z logger.go:66:         "role" = tostring(null)
TestTerraformCompleteExample 2022-08-04T19:10:20Z logger.go:66:         "type" = tostring(null)
TestTerraformCompleteExample 2022-08-04T19:10:20Z logger.go:66:         "user" = tostring(null)
TestTerraformCompleteExample 2022-08-04T19:10:20Z logger.go:66:       }
TestTerraformCompleteExample 2022-08-04T19:10:20Z logger.go:66:       "seccompProfile" = {
TestTerraformCompleteExample 2022-08-04T19:10:20Z logger.go:66:         "localhostProfile" = tostring(null)
TestTerraformCompleteExample 2022-08-04T19:10:20Z logger.go:66:         "type" = tostring(null)
TestTerraformCompleteExample 2022-08-04T19:10:20Z logger.go:66:       }
TestTerraformCompleteExample 2022-08-04T19:10:20Z logger.go:66:       "supplementalGroups" = tolist(null) /* of number */
TestTerraformCompleteExample 2022-08-04T19:10:20Z logger.go:66:       "sysctls" = tolist(null) /* of object */
TestTerraformCompleteExample 2022-08-04T19:10:20Z logger.go:66:       "windowsOptions" = {
TestTerraformCompleteExample 2022-08-04T19:10:20Z logger.go:66:         "gmsaCredentialSpec" = tostring(null)
TestTerraformCompleteExample 2022-08-04T19:10:20Z logger.go:66:         "gmsaCredentialSpecName" = tostring(null)
TestTerraformCompleteExample 2022-08-04T19:10:20Z logger.go:66:         "hostProcess" = tobool(null)
TestTerraformCompleteExample 2022-08-04T19:10:20Z logger.go:66:         "runAsUserName" = tostring(null)
TestTerraformCompleteExample 2022-08-04T19:10:20Z logger.go:66:       }
TestTerraformCompleteExample 2022-08-04T19:10:20Z logger.go:66:     }
TestTerraformCompleteExample 2022-08-04T19:10:20Z logger.go:66:     "priorityClassName" = tostring(null)
TestTerraformCompleteExample 2022-08-04T19:10:20Z logger.go:66:     "probe" = {
TestTerraformCompleteExample 2022-08-04T19:10:20Z logger.go:66:       "liveness" = {
TestTerraformCompleteExample 2022-08-04T19:10:20Z logger.go:66:         "failureThreshold" = tonumber(null)
TestTerraformCompleteExample 2022-08-04T19:10:20Z logger.go:66:         "initialDelaySeconds" = tonumber(null)
TestTerraformCompleteExample 2022-08-04T19:10:20Z logger.go:66:         "periodSeconds" = tonumber(null)
TestTerraformCompleteExample 2022-08-04T19:10:20Z logger.go:66:         "successThreshold" = tonumber(null)
TestTerraformCompleteExample 2022-08-04T19:10:20Z logger.go:66:         "timeoutSeconds" = tonumber(null)
TestTerraformCompleteExample 2022-08-04T19:10:20Z logger.go:66:       }
TestTerraformCompleteExample 2022-08-04T19:10:20Z logger.go:66:       "readiness" = {
TestTerraformCompleteExample 2022-08-04T19:10:20Z logger.go:66:         "failureThreshold" = tonumber(null)
TestTerraformCompleteExample 2022-08-04T19:10:20Z logger.go:66:         "initialDelaySeconds" = tonumber(null)
TestTerraformCompleteExample 2022-08-04T19:10:20Z logger.go:66:         "periodSeconds" = tonumber(null)
TestTerraformCompleteExample 2022-08-04T19:10:20Z logger.go:66:         "successThreshold" = tonumber(null)
TestTerraformCompleteExample 2022-08-04T19:10:20Z logger.go:66:         "timeoutSeconds" = tonumber(null)
TestTerraformCompleteExample 2022-08-04T19:10:20Z logger.go:66:       }
TestTerraformCompleteExample 2022-08-04T19:10:20Z logger.go:66:     }
TestTerraformCompleteExample 2022-08-04T19:10:20Z logger.go:66:     "resources" = {
TestTerraformCompleteExample 2022-08-04T19:10:20Z logger.go:66:       "limits" = tomap(null) /* of string */
TestTerraformCompleteExample 2022-08-04T19:10:20Z logger.go:66:       "requests" = tomap(null) /* of string */
TestTerraformCompleteExample 2022-08-04T19:10:20Z logger.go:66:     }
TestTerraformCompleteExample 2022-08-04T19:10:20Z logger.go:66:     "securityContext" = {
TestTerraformCompleteExample 2022-08-04T19:10:20Z logger.go:66:       "allowPrivilegeEscalation" = tobool(null)
TestTerraformCompleteExample 2022-08-04T19:10:20Z logger.go:66:       "capabilities" = {
TestTerraformCompleteExample 2022-08-04T19:10:20Z logger.go:66:         "add" = tolist(null) /* of string */
TestTerraformCompleteExample 2022-08-04T19:10:20Z logger.go:66:         "drop" = tolist(null) /* of string */
TestTerraformCompleteExample 2022-08-04T19:10:20Z logger.go:66:       }
TestTerraformCompleteExample 2022-08-04T19:10:20Z logger.go:66:       "privileged" = tobool(null)
TestTerraformCompleteExample 2022-08-04T19:10:20Z logger.go:66:       "procMount" = tostring(null)
TestTerraformCompleteExample 2022-08-04T19:10:20Z logger.go:66:       "readOnlyRootFilesystem" = tobool(null)
TestTerraformCompleteExample 2022-08-04T19:10:20Z logger.go:66:       "runAsGroup" = tonumber(null)
TestTerraformCompleteExample 2022-08-04T19:10:20Z logger.go:66:       "runAsNonRoot" = tobool(null)
TestTerraformCompleteExample 2022-08-04T19:10:20Z logger.go:66:       "runAsUser" = tonumber(null)
TestTerraformCompleteExample 2022-08-04T19:10:20Z logger.go:66:       "seLinuxOptions" = {
TestTerraformCompleteExample 2022-08-04T19:10:20Z logger.go:66:         "level" = tostring(null)
TestTerraformCompleteExample 2022-08-04T19:10:20Z logger.go:66:         "role" = tostring(null)
TestTerraformCompleteExample 2022-08-04T19:10:20Z logger.go:66:         "type" = tostring(null)
TestTerraformCompleteExample 2022-08-04T19:10:20Z logger.go:66:         "user" = tostring(null)
TestTerraformCompleteExample 2022-08-04T19:10:20Z logger.go:66:       }
TestTerraformCompleteExample 2022-08-04T19:10:20Z logger.go:66:       "seccompProfile" = {
TestTerraformCompleteExample 2022-08-04T19:10:20Z logger.go:66:         "localhostProfile" = tostring(null)
TestTerraformCompleteExample 2022-08-04T19:10:20Z logger.go:66:         "type" = tostring(null)
TestTerraformCompleteExample 2022-08-04T19:10:20Z logger.go:66:       }
TestTerraformCompleteExample 2022-08-04T19:10:20Z logger.go:66:       "windowsOptions" = {
TestTerraformCompleteExample 2022-08-04T19:10:20Z logger.go:66:         "gmsaCredentialSpec" = tostring(null)
TestTerraformCompleteExample 2022-08-04T19:10:20Z logger.go:66:         "gmsaCredentialSpecName" = tostring(null)
TestTerraformCompleteExample 2022-08-04T19:10:20Z logger.go:66:         "hostProcess" = tobool(null)
TestTerraformCompleteExample 2022-08-04T19:10:20Z logger.go:66:         "runAsUserName" = tostring(null)
TestTerraformCompleteExample 2022-08-04T19:10:20Z logger.go:66:       }
TestTerraformCompleteExample 2022-08-04T19:10:20Z logger.go:66:     }
TestTerraformCompleteExample 2022-08-04T19:10:20Z logger.go:66:     "serviceAccountName" = tostring(null)
TestTerraformCompleteExample 2022-08-04T19:10:20Z logger.go:66:     "terminationGracePeriodSeconds" = tonumber(null)
TestTerraformCompleteExample 2022-08-04T19:10:20Z logger.go:66:     "tolerations" = tolist(null) /* of object */
TestTerraformCompleteExample 2022-08-04T19:10:20Z logger.go:66:     "topologySpreadConstraints" = tolist(null) /* of object */
TestTerraformCompleteExample 2022-08-04T19:10:20Z logger.go:66:   }
TestTerraformCompleteExample 2022-08-04T19:10:20Z logger.go:66:   "replicas" = 1
TestTerraformCompleteExample 2022-08-04T19:10:20Z logger.go:66:   "telemetry" = {
TestTerraformCompleteExample 2022-08-04T19:10:20Z logger.go:66:     "global" = tobool(null)
TestTerraformCompleteExample 2022-08-04T19:10:20Z logger.go:66:   }
TestTerraformCompleteExample 2022-08-04T19:10:20Z logger.go:66:   "tls" = {
TestTerraformCompleteExample 2022-08-04T19:10:20Z logger.go:66:     "autoGeneratedCerts" = tobool(null)
TestTerraformCompleteExample 2022-08-04T19:10:20Z logger.go:66:     "directoryPathInContainer" = tostring(null)
TestTerraformCompleteExample 2022-08-04T19:10:20Z logger.go:66:     "ignoreTrustStoreConfig" = tobool(null)
TestTerraformCompleteExample 2022-08-04T19:10:20Z logger.go:66:     "jksPassword" = {
TestTerraformCompleteExample 2022-08-04T19:10:20Z logger.go:66:       "secretRef" = tostring(null)
TestTerraformCompleteExample 2022-08-04T19:10:20Z logger.go:66:     }
TestTerraformCompleteExample 2022-08-04T19:10:20Z logger.go:66:     "secretRef" = tostring(null)
TestTerraformCompleteExample 2022-08-04T19:10:20Z logger.go:66:   }
TestTerraformCompleteExample 2022-08-04T19:10:20Z logger.go:66:   "valueConverterType" = tostring(null)
TestTerraformCompleteExample 2022-08-04T19:10:20Z logger.go:66: }
TestTerraformCompleteExample 2022-08-04T19:10:20Z logger.go:66: connector_manifests = {
TestTerraformCompleteExample 2022-08-04T19:10:20Z logger.go:66:   "pageviews-source" = {
TestTerraformCompleteExample 2022-08-04T19:10:20Z logger.go:66:     "apiVersion" = "platform.confluent.io/v1beta1"
TestTerraformCompleteExample 2022-08-04T19:10:20Z logger.go:66:     "kind" = "Connector"
TestTerraformCompleteExample 2022-08-04T19:10:20Z logger.go:66:     "metadata" = {
TestTerraformCompleteExample 2022-08-04T19:10:20Z logger.go:66:       "name" = "pageviews-source"
TestTerraformCompleteExample 2022-08-04T19:10:20Z logger.go:66:       "namespace" = "confluent"
TestTerraformCompleteExample 2022-08-04T19:10:20Z logger.go:66:     }
TestTerraformCompleteExample 2022-08-04T19:10:20Z logger.go:66:     "spec" = {
TestTerraformCompleteExample 2022-08-04T19:10:20Z logger.go:66:       "class" = "io.confluent.kafka.connect.datagen.DatagenConnector"
TestTerraformCompleteExample 2022-08-04T19:10:20Z logger.go:66:       "configs" = {
TestTerraformCompleteExample 2022-08-04T19:10:20Z logger.go:66:         "iterations" = "10000000"
TestTerraformCompleteExample 2022-08-04T19:10:20Z logger.go:66:         "kafka.topic" = "pageviews"
TestTerraformCompleteExample 2022-08-04T19:10:20Z logger.go:66:         "key.converter" = "org.apache.kafka.connect.storage.StringConverter"
TestTerraformCompleteExample 2022-08-04T19:10:20Z logger.go:66:         "max.interval" = "100"
TestTerraformCompleteExample 2022-08-04T19:10:20Z logger.go:66:         "quickstart" = "pageviews"
TestTerraformCompleteExample 2022-08-04T19:10:20Z logger.go:66:         "value.converter" = "io.confluent.connect.avro.AvroConverter"
TestTerraformCompleteExample 2022-08-04T19:10:20Z logger.go:66:         "value.converter.schema.registry.url" = "http://schemaregistry.confluent.svc.cluster.local:8081"
TestTerraformCompleteExample 2022-08-04T19:10:20Z logger.go:66:         "value.converter.schemas.enable" = "true"
TestTerraformCompleteExample 2022-08-04T19:10:20Z logger.go:66:       }
TestTerraformCompleteExample 2022-08-04T19:10:20Z logger.go:66:       "connectClusterRef" = {
TestTerraformCompleteExample 2022-08-04T19:10:20Z logger.go:66:         "name" = "connect"
TestTerraformCompleteExample 2022-08-04T19:10:20Z logger.go:66:       }
TestTerraformCompleteExample 2022-08-04T19:10:20Z logger.go:66:       "taskMax" = 1
TestTerraformCompleteExample 2022-08-04T19:10:20Z logger.go:66:     }
TestTerraformCompleteExample 2022-08-04T19:10:20Z logger.go:66:   }
TestTerraformCompleteExample 2022-08-04T19:10:20Z logger.go:66: }
TestTerraformCompleteExample 2022-08-04T19:10:20Z logger.go:66: connector_object_specs = {
TestTerraformCompleteExample 2022-08-04T19:10:20Z logger.go:66:   "pageviews-source" = {
TestTerraformCompleteExample 2022-08-04T19:10:20Z logger.go:66:     "class" = "io.confluent.kafka.connect.datagen.DatagenConnector"
TestTerraformCompleteExample 2022-08-04T19:10:20Z logger.go:66:     "configs" = tomap({
TestTerraformCompleteExample 2022-08-04T19:10:20Z logger.go:66:       "iterations" = "10000000"
TestTerraformCompleteExample 2022-08-04T19:10:20Z logger.go:66:       "kafka.topic" = "pageviews"
TestTerraformCompleteExample 2022-08-04T19:10:20Z logger.go:66:       "key.converter" = "org.apache.kafka.connect.storage.StringConverter"
TestTerraformCompleteExample 2022-08-04T19:10:20Z logger.go:66:       "max.interval" = "100"
TestTerraformCompleteExample 2022-08-04T19:10:20Z logger.go:66:       "quickstart" = "pageviews"
TestTerraformCompleteExample 2022-08-04T19:10:20Z logger.go:66:       "value.converter" = "io.confluent.connect.avro.AvroConverter"
TestTerraformCompleteExample 2022-08-04T19:10:20Z logger.go:66:       "value.converter.schema.registry.url" = "http://schemaregistry.confluent.svc.cluster.local:8081"
TestTerraformCompleteExample 2022-08-04T19:10:20Z logger.go:66:       "value.converter.schemas.enable" = "true"
TestTerraformCompleteExample 2022-08-04T19:10:20Z logger.go:66:     })
TestTerraformCompleteExample 2022-08-04T19:10:20Z logger.go:66:     "connectClusterRef" = {
TestTerraformCompleteExample 2022-08-04T19:10:20Z logger.go:66:       "name" = "connect"
TestTerraformCompleteExample 2022-08-04T19:10:20Z logger.go:66:       "namespace" = tostring(null)
TestTerraformCompleteExample 2022-08-04T19:10:20Z logger.go:66:     }
TestTerraformCompleteExample 2022-08-04T19:10:20Z logger.go:66:     "connectRest" = {
TestTerraformCompleteExample 2022-08-04T19:10:20Z logger.go:66:       "authentication" = {
TestTerraformCompleteExample 2022-08-04T19:10:20Z logger.go:66:         "basic" = {
TestTerraformCompleteExample 2022-08-04T19:10:20Z logger.go:66:           "debug" = tobool(null)
TestTerraformCompleteExample 2022-08-04T19:10:20Z logger.go:66:           "directoryPathInContainer" = tostring(null)
TestTerraformCompleteExample 2022-08-04T19:10:20Z logger.go:66:           "restrictedRoles" = tolist(null) /* of string */
TestTerraformCompleteExample 2022-08-04T19:10:20Z logger.go:66:           "roles" = tolist(null) /* of string */
TestTerraformCompleteExample 2022-08-04T19:10:20Z logger.go:66:           "secretRef" = tostring(null)
TestTerraformCompleteExample 2022-08-04T19:10:20Z logger.go:66:         }
TestTerraformCompleteExample 2022-08-04T19:10:20Z logger.go:66:         "bearer" = {
TestTerraformCompleteExample 2022-08-04T19:10:20Z logger.go:66:           "directoryPathInContainer" = tostring(null)
TestTerraformCompleteExample 2022-08-04T19:10:20Z logger.go:66:           "secretRef" = tostring(null)
TestTerraformCompleteExample 2022-08-04T19:10:20Z logger.go:66:         }
TestTerraformCompleteExample 2022-08-04T19:10:20Z logger.go:66:         "type" = tostring(null)
TestTerraformCompleteExample 2022-08-04T19:10:20Z logger.go:66:       }
TestTerraformCompleteExample 2022-08-04T19:10:20Z logger.go:66:       "endpoint" = tostring(null)
TestTerraformCompleteExample 2022-08-04T19:10:20Z logger.go:66:       "kafkaClusterID" = tostring(null)
TestTerraformCompleteExample 2022-08-04T19:10:20Z logger.go:66:       "tls" = {
TestTerraformCompleteExample 2022-08-04T19:10:20Z logger.go:66:         "directoryPathInContainer" = tostring(null)
TestTerraformCompleteExample 2022-08-04T19:10:20Z logger.go:66:         "jksPassword" = {
TestTerraformCompleteExample 2022-08-04T19:10:20Z logger.go:66:           "secretRef" = tostring(null)
TestTerraformCompleteExample 2022-08-04T19:10:20Z logger.go:66:         }
TestTerraformCompleteExample 2022-08-04T19:10:20Z logger.go:66:         "secretRef" = tostring(null)
TestTerraformCompleteExample 2022-08-04T19:10:20Z logger.go:66:       }
TestTerraformCompleteExample 2022-08-04T19:10:20Z logger.go:66:     }
TestTerraformCompleteExample 2022-08-04T19:10:20Z logger.go:66:     "name" = tostring(null)
TestTerraformCompleteExample 2022-08-04T19:10:20Z logger.go:66:     "restartPolicy" = {
TestTerraformCompleteExample 2022-08-04T19:10:20Z logger.go:66:       "maxRetry" = tonumber(null)
TestTerraformCompleteExample 2022-08-04T19:10:20Z logger.go:66:       "type" = tostring(null)
TestTerraformCompleteExample 2022-08-04T19:10:20Z logger.go:66:     }
TestTerraformCompleteExample 2022-08-04T19:10:20Z logger.go:66:     "taskMax" = 1
TestTerraformCompleteExample 2022-08-04T19:10:20Z logger.go:66:   }
TestTerraformCompleteExample 2022-08-04T19:10:20Z logger.go:66: }
TestTerraformCompleteExample 2022-08-04T19:10:20Z logger.go:66: kafka_manifest = {
TestTerraformCompleteExample 2022-08-04T19:10:20Z logger.go:66:   "apiVersion" = "platform.confluent.io/v1beta1"
TestTerraformCompleteExample 2022-08-04T19:10:20Z logger.go:66:   "kind" = "Kafka"
TestTerraformCompleteExample 2022-08-04T19:10:20Z logger.go:66:   "metadata" = {
TestTerraformCompleteExample 2022-08-04T19:10:20Z logger.go:66:     "name" = "kafka"
TestTerraformCompleteExample 2022-08-04T19:10:20Z logger.go:66:     "namespace" = "confluent"
TestTerraformCompleteExample 2022-08-04T19:10:20Z logger.go:66:   }
TestTerraformCompleteExample 2022-08-04T19:10:20Z logger.go:66:   "spec" = {
TestTerraformCompleteExample 2022-08-04T19:10:20Z logger.go:66:     "dataVolumeCapacity" = "10Gi"
TestTerraformCompleteExample 2022-08-04T19:10:20Z logger.go:66:     "image" = {
TestTerraformCompleteExample 2022-08-04T19:10:20Z logger.go:66:       "application" = "confluentinc/cp-server:7.2.0"
TestTerraformCompleteExample 2022-08-04T19:10:20Z logger.go:66:       "init" = "confluentinc/confluent-init-container:2.4.0"
TestTerraformCompleteExample 2022-08-04T19:10:20Z logger.go:66:     }
TestTerraformCompleteExample 2022-08-04T19:10:20Z logger.go:66:     "metricReporter" = {
TestTerraformCompleteExample 2022-08-04T19:10:20Z logger.go:66:       "enabled" = true
TestTerraformCompleteExample 2022-08-04T19:10:20Z logger.go:66:     }
TestTerraformCompleteExample 2022-08-04T19:10:20Z logger.go:66:     "replicas" = 3
TestTerraformCompleteExample 2022-08-04T19:10:20Z logger.go:66:   }
TestTerraformCompleteExample 2022-08-04T19:10:20Z logger.go:66: }
TestTerraformCompleteExample 2022-08-04T19:10:20Z logger.go:66: kafka_object_spec = {
TestTerraformCompleteExample 2022-08-04T19:10:20Z logger.go:66:   "authorization" = {
TestTerraformCompleteExample 2022-08-04T19:10:20Z logger.go:66:     "superUsers" = tolist(null) /* of string */
TestTerraformCompleteExample 2022-08-04T19:10:20Z logger.go:66:     "type" = tostring(null)
TestTerraformCompleteExample 2022-08-04T19:10:20Z logger.go:66:   }
TestTerraformCompleteExample 2022-08-04T19:10:20Z logger.go:66:   "configOverrides" = {
TestTerraformCompleteExample 2022-08-04T19:10:20Z logger.go:66:     "jvm" = tolist(null) /* of string */
TestTerraformCompleteExample 2022-08-04T19:10:20Z logger.go:66:     "log4j" = tolist(null) /* of string */
TestTerraformCompleteExample 2022-08-04T19:10:20Z logger.go:66:     "server" = tolist(null) /* of string */
TestTerraformCompleteExample 2022-08-04T19:10:20Z logger.go:66:   }
TestTerraformCompleteExample 2022-08-04T19:10:20Z logger.go:66:   "dataVolumeCapacity" = "10Gi"
TestTerraformCompleteExample 2022-08-04T19:10:20Z logger.go:66:   "dependencies" = {
TestTerraformCompleteExample 2022-08-04T19:10:20Z logger.go:66:     "kafkaRest" = {
TestTerraformCompleteExample 2022-08-04T19:10:20Z logger.go:66:       "authentication" = {
TestTerraformCompleteExample 2022-08-04T19:10:20Z logger.go:66:         "bearer" = {
TestTerraformCompleteExample 2022-08-04T19:10:20Z logger.go:66:           "directoryPathInContainer" = tostring(null)
TestTerraformCompleteExample 2022-08-04T19:10:20Z logger.go:66:           "secretRef" = tostring(null)
TestTerraformCompleteExample 2022-08-04T19:10:20Z logger.go:66:         }
TestTerraformCompleteExample 2022-08-04T19:10:20Z logger.go:66:         "jaasConfig" = {
TestTerraformCompleteExample 2022-08-04T19:10:20Z logger.go:66:           "secretRef" = tostring(null)
TestTerraformCompleteExample 2022-08-04T19:10:20Z logger.go:66:         }
TestTerraformCompleteExample 2022-08-04T19:10:20Z logger.go:66:         "jaasConfigPassThrough" = {
TestTerraformCompleteExample 2022-08-04T19:10:20Z logger.go:66:           "directoryPathInContainer" = tostring(null)
TestTerraformCompleteExample 2022-08-04T19:10:20Z logger.go:66:           "secretRef" = tostring(null)
TestTerraformCompleteExample 2022-08-04T19:10:20Z logger.go:66:         }
TestTerraformCompleteExample 2022-08-04T19:10:20Z logger.go:66:         "oauthbearer" = {
TestTerraformCompleteExample 2022-08-04T19:10:20Z logger.go:66:           "directoryPathInContainer" = tostring(null)
TestTerraformCompleteExample 2022-08-04T19:10:20Z logger.go:66:           "secretRef" = tostring(null)
TestTerraformCompleteExample 2022-08-04T19:10:20Z logger.go:66:         }
TestTerraformCompleteExample 2022-08-04T19:10:20Z logger.go:66:         "type" = tostring(null)
TestTerraformCompleteExample 2022-08-04T19:10:20Z logger.go:66:       }
TestTerraformCompleteExample 2022-08-04T19:10:20Z logger.go:66:       "bootstrapEndpoint" = tostring(null)
TestTerraformCompleteExample 2022-08-04T19:10:20Z logger.go:66:       "endpoint" = tostring(null)
TestTerraformCompleteExample 2022-08-04T19:10:20Z logger.go:66:       "tls" = {
TestTerraformCompleteExample 2022-08-04T19:10:20Z logger.go:66:         "directoryPathInContainer" = tostring(null)
TestTerraformCompleteExample 2022-08-04T19:10:20Z logger.go:66:         "enabled" = tobool(null)
TestTerraformCompleteExample 2022-08-04T19:10:20Z logger.go:66:         "ignoreTrustStoreConfig" = tobool(null)
TestTerraformCompleteExample 2022-08-04T19:10:20Z logger.go:66:         "jksPassword" = {
TestTerraformCompleteExample 2022-08-04T19:10:20Z logger.go:66:           "secretRef" = tostring(null)
TestTerraformCompleteExample 2022-08-04T19:10:20Z logger.go:66:         }
TestTerraformCompleteExample 2022-08-04T19:10:20Z logger.go:66:         "secretRef" = tostring(null)
TestTerraformCompleteExample 2022-08-04T19:10:20Z logger.go:66:       }
TestTerraformCompleteExample 2022-08-04T19:10:20Z logger.go:66:     }
TestTerraformCompleteExample 2022-08-04T19:10:20Z logger.go:66:     "mds" = {
TestTerraformCompleteExample 2022-08-04T19:10:20Z logger.go:66:       "endpoint" = tostring(null)
TestTerraformCompleteExample 2022-08-04T19:10:20Z logger.go:66:       "kafka" = {
TestTerraformCompleteExample 2022-08-04T19:10:20Z logger.go:66:         "authentication" = {
TestTerraformCompleteExample 2022-08-04T19:10:20Z logger.go:66:           "jaasConfig" = {
TestTerraformCompleteExample 2022-08-04T19:10:20Z logger.go:66:             "secretRef" = tostring(null)
TestTerraformCompleteExample 2022-08-04T19:10:20Z logger.go:66:           }
TestTerraformCompleteExample 2022-08-04T19:10:20Z logger.go:66:           "jaasConfigPassThrough" = {
TestTerraformCompleteExample 2022-08-04T19:10:20Z logger.go:66:             "directoryPathInContainer" = tostring(null)
TestTerraformCompleteExample 2022-08-04T19:10:20Z logger.go:66:             "secretRef" = tostring(null)
TestTerraformCompleteExample 2022-08-04T19:10:20Z logger.go:66:           }
TestTerraformCompleteExample 2022-08-04T19:10:20Z logger.go:66:           "oauthbearer" = {
TestTerraformCompleteExample 2022-08-04T19:10:20Z logger.go:66:             "directoryPathInContainer" = tostring(null)
TestTerraformCompleteExample 2022-08-04T19:10:20Z logger.go:66:             "secretRef" = tostring(null)
TestTerraformCompleteExample 2022-08-04T19:10:20Z logger.go:66:           }
TestTerraformCompleteExample 2022-08-04T19:10:20Z logger.go:66:           "type" = tostring(null)
TestTerraformCompleteExample 2022-08-04T19:10:20Z logger.go:66:         }
TestTerraformCompleteExample 2022-08-04T19:10:20Z logger.go:66:         "bootstrapEndpoint" = tostring(null)
TestTerraformCompleteExample 2022-08-04T19:10:20Z logger.go:66:         "discovery" = {
TestTerraformCompleteExample 2022-08-04T19:10:20Z logger.go:66:           "name" = tostring(null)
TestTerraformCompleteExample 2022-08-04T19:10:20Z logger.go:66:           "namespace" = tostring(null)
TestTerraformCompleteExample 2022-08-04T19:10:20Z logger.go:66:           "secretRef" = tostring(null)
TestTerraformCompleteExample 2022-08-04T19:10:20Z logger.go:66:         }
TestTerraformCompleteExample 2022-08-04T19:10:20Z logger.go:66:         "tls" = {
TestTerraformCompleteExample 2022-08-04T19:10:20Z logger.go:66:           "directoryPathInContainer" = tostring(null)
TestTerraformCompleteExample 2022-08-04T19:10:20Z logger.go:66:           "enabled" = tobool(null)
TestTerraformCompleteExample 2022-08-04T19:10:20Z logger.go:66:           "ignoreTrustStoreConfig" = tobool(null)
TestTerraformCompleteExample 2022-08-04T19:10:20Z logger.go:66:           "jksPassword" = {
TestTerraformCompleteExample 2022-08-04T19:10:20Z logger.go:66:             "secretRef" = tostring(null)
TestTerraformCompleteExample 2022-08-04T19:10:20Z logger.go:66:           }
TestTerraformCompleteExample 2022-08-04T19:10:20Z logger.go:66:           "secretRef" = tostring(null)
TestTerraformCompleteExample 2022-08-04T19:10:20Z logger.go:66:         }
TestTerraformCompleteExample 2022-08-04T19:10:20Z logger.go:66:       }
TestTerraformCompleteExample 2022-08-04T19:10:20Z logger.go:66:       "tls" = {
TestTerraformCompleteExample 2022-08-04T19:10:20Z logger.go:66:         "directoryPathInContainer" = tostring(null)
TestTerraformCompleteExample 2022-08-04T19:10:20Z logger.go:66:         "enabled" = tobool(null)
TestTerraformCompleteExample 2022-08-04T19:10:20Z logger.go:66:         "ignoreTrustStoreConfig" = tobool(null)
TestTerraformCompleteExample 2022-08-04T19:10:20Z logger.go:66:         "jksPassword" = {
TestTerraformCompleteExample 2022-08-04T19:10:20Z logger.go:66:           "secretRef" = tostring(null)
TestTerraformCompleteExample 2022-08-04T19:10:20Z logger.go:66:         }
TestTerraformCompleteExample 2022-08-04T19:10:20Z logger.go:66:         "secretRef" = tostring(null)
TestTerraformCompleteExample 2022-08-04T19:10:20Z logger.go:66:       }
TestTerraformCompleteExample 2022-08-04T19:10:20Z logger.go:66:       "tokenKeyPair" = {
TestTerraformCompleteExample 2022-08-04T19:10:20Z logger.go:66:         "directoryPathInContainer" = tostring(null)
TestTerraformCompleteExample 2022-08-04T19:10:20Z logger.go:66:         "secretRef" = tostring(null)
TestTerraformCompleteExample 2022-08-04T19:10:20Z logger.go:66:       }
TestTerraformCompleteExample 2022-08-04T19:10:20Z logger.go:66:     }
TestTerraformCompleteExample 2022-08-04T19:10:20Z logger.go:66:     "schemaRegistry" = {
TestTerraformCompleteExample 2022-08-04T19:10:20Z logger.go:66:       "authentication" = {
TestTerraformCompleteExample 2022-08-04T19:10:20Z logger.go:66:         "basic" = {
TestTerraformCompleteExample 2022-08-04T19:10:20Z logger.go:66:           "debug" = tobool(null)
TestTerraformCompleteExample 2022-08-04T19:10:20Z logger.go:66:           "directoryPathInContainer" = tostring(null)
TestTerraformCompleteExample 2022-08-04T19:10:20Z logger.go:66:           "restrictedRoles" = tolist(null) /* of string */
TestTerraformCompleteExample 2022-08-04T19:10:20Z logger.go:66:           "roles" = tolist(null) /* of string */
TestTerraformCompleteExample 2022-08-04T19:10:20Z logger.go:66:           "secretRef" = tostring(null)
TestTerraformCompleteExample 2022-08-04T19:10:20Z logger.go:66:         }
TestTerraformCompleteExample 2022-08-04T19:10:20Z logger.go:66:         "type" = tostring(null)
TestTerraformCompleteExample 2022-08-04T19:10:20Z logger.go:66:       }
TestTerraformCompleteExample 2022-08-04T19:10:20Z logger.go:66:       "tls" = {
TestTerraformCompleteExample 2022-08-04T19:10:20Z logger.go:66:         "directoryPathInContainer" = tostring(null)
TestTerraformCompleteExample 2022-08-04T19:10:20Z logger.go:66:         "enabled" = tobool(null)
TestTerraformCompleteExample 2022-08-04T19:10:20Z logger.go:66:         "ignoreTrustStoreConfig" = tobool(null)
TestTerraformCompleteExample 2022-08-04T19:10:20Z logger.go:66:         "jksPassword" = {
TestTerraformCompleteExample 2022-08-04T19:10:20Z logger.go:66:           "secretRef" = tostring(null)
TestTerraformCompleteExample 2022-08-04T19:10:20Z logger.go:66:         }
TestTerraformCompleteExample 2022-08-04T19:10:20Z logger.go:66:         "secretRef" = tostring(null)
TestTerraformCompleteExample 2022-08-04T19:10:20Z logger.go:66:       }
TestTerraformCompleteExample 2022-08-04T19:10:20Z logger.go:66:       "url" = tostring(null)
TestTerraformCompleteExample 2022-08-04T19:10:20Z logger.go:66:     }
TestTerraformCompleteExample 2022-08-04T19:10:20Z logger.go:66:     "zookeeper" = {
TestTerraformCompleteExample 2022-08-04T19:10:20Z logger.go:66:       "authentication" = {
TestTerraformCompleteExample 2022-08-04T19:10:20Z logger.go:66:         "jaasConfig" = {
TestTerraformCompleteExample 2022-08-04T19:10:20Z logger.go:66:           "secretRef" = tostring(null)
TestTerraformCompleteExample 2022-08-04T19:10:20Z logger.go:66:         }
TestTerraformCompleteExample 2022-08-04T19:10:20Z logger.go:66:         "jaasConfigPassThrough" = {
TestTerraformCompleteExample 2022-08-04T19:10:20Z logger.go:66:           "directoryPathInContainer" = tostring(null)
TestTerraformCompleteExample 2022-08-04T19:10:20Z logger.go:66:           "secretRef" = tostring(null)
TestTerraformCompleteExample 2022-08-04T19:10:20Z logger.go:66:         }
TestTerraformCompleteExample 2022-08-04T19:10:20Z logger.go:66:         "oauthbearer" = {
TestTerraformCompleteExample 2022-08-04T19:10:20Z logger.go:66:           "directoryPathInContainer" = tostring(null)
TestTerraformCompleteExample 2022-08-04T19:10:20Z logger.go:66:           "secretRef" = tostring(null)
TestTerraformCompleteExample 2022-08-04T19:10:20Z logger.go:66:         }
TestTerraformCompleteExample 2022-08-04T19:10:20Z logger.go:66:         "type" = tostring(null)
TestTerraformCompleteExample 2022-08-04T19:10:20Z logger.go:66:       }
TestTerraformCompleteExample 2022-08-04T19:10:20Z logger.go:66:       "discovery" = {
TestTerraformCompleteExample 2022-08-04T19:10:20Z logger.go:66:         "name" = tostring(null)
TestTerraformCompleteExample 2022-08-04T19:10:20Z logger.go:66:         "namespace" = tostring(null)
TestTerraformCompleteExample 2022-08-04T19:10:20Z logger.go:66:         "secretRef" = tostring(null)
TestTerraformCompleteExample 2022-08-04T19:10:20Z logger.go:66:       }
TestTerraformCompleteExample 2022-08-04T19:10:20Z logger.go:66:       "endpoint" = tostring(null)
TestTerraformCompleteExample 2022-08-04T19:10:20Z logger.go:66:       "tls" = {
TestTerraformCompleteExample 2022-08-04T19:10:20Z logger.go:66:         "directoryPathInContainer" = tostring(null)
TestTerraformCompleteExample 2022-08-04T19:10:20Z logger.go:66:         "enabled" = tobool(null)
TestTerraformCompleteExample 2022-08-04T19:10:20Z logger.go:66:         "ignoreTrustStoreConfig" = tobool(null)
TestTerraformCompleteExample 2022-08-04T19:10:20Z logger.go:66:         "jksPassword" = {
TestTerraformCompleteExample 2022-08-04T19:10:20Z logger.go:66:           "secretRef" = tostring(null)
TestTerraformCompleteExample 2022-08-04T19:10:20Z logger.go:66:         }
TestTerraformCompleteExample 2022-08-04T19:10:20Z logger.go:66:         "secretRef" = tostring(null)
TestTerraformCompleteExample 2022-08-04T19:10:20Z logger.go:66:       }
TestTerraformCompleteExample 2022-08-04T19:10:20Z logger.go:66:     }
TestTerraformCompleteExample 2022-08-04T19:10:20Z logger.go:66:   }
TestTerraformCompleteExample 2022-08-04T19:10:20Z logger.go:66:   "headlessService" = {
TestTerraformCompleteExample 2022-08-04T19:10:20Z logger.go:66:     "annotations" = tomap(null) /* of string */
TestTerraformCompleteExample 2022-08-04T19:10:20Z logger.go:66:     "labels" = tomap(null) /* of string */
TestTerraformCompleteExample 2022-08-04T19:10:20Z logger.go:66:     "publishNotReadyAddresses" = tobool(null)
TestTerraformCompleteExample 2022-08-04T19:10:20Z logger.go:66:   }
TestTerraformCompleteExample 2022-08-04T19:10:20Z logger.go:66:   "identityProvider" = {
TestTerraformCompleteExample 2022-08-04T19:10:20Z logger.go:66:     "ldap" = {
TestTerraformCompleteExample 2022-08-04T19:10:20Z logger.go:66:       "address" = tostring(null)
TestTerraformCompleteExample 2022-08-04T19:10:20Z logger.go:66:       "authentication" = {
TestTerraformCompleteExample 2022-08-04T19:10:20Z logger.go:66:         "simple" = {
TestTerraformCompleteExample 2022-08-04T19:10:20Z logger.go:66:           "directoryPathInContainer" = tostring(null)
TestTerraformCompleteExample 2022-08-04T19:10:20Z logger.go:66:           "secretRef" = tostring(null)
TestTerraformCompleteExample 2022-08-04T19:10:20Z logger.go:66:         }
TestTerraformCompleteExample 2022-08-04T19:10:20Z logger.go:66:         "type" = tostring(null)
TestTerraformCompleteExample 2022-08-04T19:10:20Z logger.go:66:       }
TestTerraformCompleteExample 2022-08-04T19:10:20Z logger.go:66:       "configurations" = {
TestTerraformCompleteExample 2022-08-04T19:10:20Z logger.go:66:         "groupMemberAttribute" = tostring(null)
TestTerraformCompleteExample 2022-08-04T19:10:20Z logger.go:66:         "groupMemberAttributePattern" = tostring(null)
TestTerraformCompleteExample 2022-08-04T19:10:20Z logger.go:66:         "groupNameAttribute" = tostring(null)
TestTerraformCompleteExample 2022-08-04T19:10:20Z logger.go:66:         "groupObjectClass" = tostring(null)
TestTerraformCompleteExample 2022-08-04T19:10:20Z logger.go:66:         "groupSearchBase" = tostring(null)
TestTerraformCompleteExample 2022-08-04T19:10:20Z logger.go:66:         "groupSearchFilter" = tostring(null)
TestTerraformCompleteExample 2022-08-04T19:10:20Z logger.go:66:         "groupSearchScope" = tonumber(null)
TestTerraformCompleteExample 2022-08-04T19:10:20Z logger.go:66:         "userMemberOfAttributePattern" = tostring(null)
TestTerraformCompleteExample 2022-08-04T19:10:20Z logger.go:66:         "userNameAttribute" = tostring(null)
TestTerraformCompleteExample 2022-08-04T19:10:20Z logger.go:66:         "userObjectClass" = tostring(null)
TestTerraformCompleteExample 2022-08-04T19:10:20Z logger.go:66:         "userSearchBase" = tostring(null)
TestTerraformCompleteExample 2022-08-04T19:10:20Z logger.go:66:         "userSearchFilter" = tostring(null)
TestTerraformCompleteExample 2022-08-04T19:10:20Z logger.go:66:         "userSearchScope" = tonumber(null)
TestTerraformCompleteExample 2022-08-04T19:10:20Z logger.go:66:       }
TestTerraformCompleteExample 2022-08-04T19:10:20Z logger.go:66:       "tls" = {
TestTerraformCompleteExample 2022-08-04T19:10:20Z logger.go:66:         "directoryPathInContainer" = tostring(null)
TestTerraformCompleteExample 2022-08-04T19:10:20Z logger.go:66:         "enabled" = tobool(null)
TestTerraformCompleteExample 2022-08-04T19:10:20Z logger.go:66:         "ignoreTrustStoreConfig" = tobool(null)
TestTerraformCompleteExample 2022-08-04T19:10:20Z logger.go:66:         "jksPassword" = {
TestTerraformCompleteExample 2022-08-04T19:10:20Z logger.go:66:           "secretRef" = tostring(null)
TestTerraformCompleteExample 2022-08-04T19:10:20Z logger.go:66:         }
TestTerraformCompleteExample 2022-08-04T19:10:20Z logger.go:66:         "secretRef" = tostring(null)
TestTerraformCompleteExample 2022-08-04T19:10:20Z logger.go:66:       }
TestTerraformCompleteExample 2022-08-04T19:10:20Z logger.go:66:     }
TestTerraformCompleteExample 2022-08-04T19:10:20Z logger.go:66:     "type" = tostring(null)
TestTerraformCompleteExample 2022-08-04T19:10:20Z logger.go:66:   }
TestTerraformCompleteExample 2022-08-04T19:10:20Z logger.go:66:   "image" = {
TestTerraformCompleteExample 2022-08-04T19:10:20Z logger.go:66:     "application" = "confluentinc/cp-server:7.2.0"
TestTerraformCompleteExample 2022-08-04T19:10:20Z logger.go:66:     "init" = "confluentinc/confluent-init-container:2.4.0"
TestTerraformCompleteExample 2022-08-04T19:10:20Z logger.go:66:     "pullPolicy" = tostring(null)
TestTerraformCompleteExample 2022-08-04T19:10:20Z logger.go:66:     "pullSecretRef" = tolist(null) /* of string */
TestTerraformCompleteExample 2022-08-04T19:10:20Z logger.go:66:   }
TestTerraformCompleteExample 2022-08-04T19:10:20Z logger.go:66:   "injectAnnotations" = tomap(null) /* of string */
TestTerraformCompleteExample 2022-08-04T19:10:20Z logger.go:66:   "injectLabels" = tomap(null) /* of string */
TestTerraformCompleteExample 2022-08-04T19:10:20Z logger.go:66:   "k8sClusterDomain" = tostring(null)
TestTerraformCompleteExample 2022-08-04T19:10:20Z logger.go:66:   "license" = {
TestTerraformCompleteExample 2022-08-04T19:10:20Z logger.go:66:     "directoryPathInContainer" = tostring(null)
TestTerraformCompleteExample 2022-08-04T19:10:20Z logger.go:66:     "globalLicense" = tobool(null)
TestTerraformCompleteExample 2022-08-04T19:10:20Z logger.go:66:     "secretRef" = tostring(null)
TestTerraformCompleteExample 2022-08-04T19:10:20Z logger.go:66:   }
TestTerraformCompleteExample 2022-08-04T19:10:20Z logger.go:66:   "listeners" = {
TestTerraformCompleteExample 2022-08-04T19:10:20Z logger.go:66:     "custom" = tolist(null) /* of object */
TestTerraformCompleteExample 2022-08-04T19:10:20Z logger.go:66:     "external" = {
TestTerraformCompleteExample 2022-08-04T19:10:20Z logger.go:66:       "authentication" = {
TestTerraformCompleteExample 2022-08-04T19:10:20Z logger.go:66:         "jaasConfig" = {
TestTerraformCompleteExample 2022-08-04T19:10:20Z logger.go:66:           "secretRef" = tostring(null)
TestTerraformCompleteExample 2022-08-04T19:10:20Z logger.go:66:         }
TestTerraformCompleteExample 2022-08-04T19:10:20Z logger.go:66:         "jaasConfigPassThrough" = {
TestTerraformCompleteExample 2022-08-04T19:10:20Z logger.go:66:           "directoryPathInContainer" = tostring(null)
TestTerraformCompleteExample 2022-08-04T19:10:20Z logger.go:66:           "secretRef" = tostring(null)
TestTerraformCompleteExample 2022-08-04T19:10:20Z logger.go:66:         }
TestTerraformCompleteExample 2022-08-04T19:10:20Z logger.go:66:         "principalMappingRules" = tolist(null) /* of string */
TestTerraformCompleteExample 2022-08-04T19:10:20Z logger.go:66:         "type" = tostring(null)
TestTerraformCompleteExample 2022-08-04T19:10:20Z logger.go:66:       }
TestTerraformCompleteExample 2022-08-04T19:10:20Z logger.go:66:       "externalAccess" = {
TestTerraformCompleteExample 2022-08-04T19:10:20Z logger.go:66:         "loadBalancer" = {
TestTerraformCompleteExample 2022-08-04T19:10:20Z logger.go:66:           "advertisedPort" = tonumber(null)
TestTerraformCompleteExample 2022-08-04T19:10:20Z logger.go:66:           "annotations" = tomap(null) /* of string */
TestTerraformCompleteExample 2022-08-04T19:10:20Z logger.go:66:           "bootstrapPrefix" = tostring(null)
TestTerraformCompleteExample 2022-08-04T19:10:20Z logger.go:66:           "brokerPrefix" = tostring(null)
TestTerraformCompleteExample 2022-08-04T19:10:20Z logger.go:66:           "domain" = tostring(null)
TestTerraformCompleteExample 2022-08-04T19:10:20Z logger.go:66:           "externalTrafficPolicy" = tostring(null)
TestTerraformCompleteExample 2022-08-04T19:10:20Z logger.go:66:           "labels" = tomap(null) /* of string */
TestTerraformCompleteExample 2022-08-04T19:10:20Z logger.go:66:           "loadBalancerSourceRanges" = tolist(null) /* of string */
TestTerraformCompleteExample 2022-08-04T19:10:20Z logger.go:66:           "servicePorts" = tolist(null) /* of object */
TestTerraformCompleteExample 2022-08-04T19:10:20Z logger.go:66:           "sessionAffinity" = tostring(null)
TestTerraformCompleteExample 2022-08-04T19:10:20Z logger.go:66:           "sessionAffinityConfig" = {
TestTerraformCompleteExample 2022-08-04T19:10:20Z logger.go:66:             "clientIP" = {
TestTerraformCompleteExample 2022-08-04T19:10:20Z logger.go:66:               "timeoutSeconds" = tonumber(null)
TestTerraformCompleteExample 2022-08-04T19:10:20Z logger.go:66:             }
TestTerraformCompleteExample 2022-08-04T19:10:20Z logger.go:66:           }
TestTerraformCompleteExample 2022-08-04T19:10:20Z logger.go:66:         }
TestTerraformCompleteExample 2022-08-04T19:10:20Z logger.go:66:         "nodePort" = {
TestTerraformCompleteExample 2022-08-04T19:10:20Z logger.go:66:           "advertisedURL" = {
TestTerraformCompleteExample 2022-08-04T19:10:20Z logger.go:66:             "enabled" = tobool(null)
TestTerraformCompleteExample 2022-08-04T19:10:20Z logger.go:66:             "prefix" = tostring(null)
TestTerraformCompleteExample 2022-08-04T19:10:20Z logger.go:66:           }
TestTerraformCompleteExample 2022-08-04T19:10:20Z logger.go:66:           "annotations" = tomap(null) /* of string */
TestTerraformCompleteExample 2022-08-04T19:10:20Z logger.go:66:           "externalTrafficPolicy" = tostring(null)
TestTerraformCompleteExample 2022-08-04T19:10:20Z logger.go:66:           "host" = tostring(null)
TestTerraformCompleteExample 2022-08-04T19:10:20Z logger.go:66:           "labels" = tomap(null) /* of string */
TestTerraformCompleteExample 2022-08-04T19:10:20Z logger.go:66:           "nodePortOffset" = tonumber(null)
TestTerraformCompleteExample 2022-08-04T19:10:20Z logger.go:66:           "servicePorts" = tolist(null) /* of object */
TestTerraformCompleteExample 2022-08-04T19:10:20Z logger.go:66:           "sessionAffinity" = tostring(null)
TestTerraformCompleteExample 2022-08-04T19:10:20Z logger.go:66:           "sessionAffinityConfig" = {
TestTerraformCompleteExample 2022-08-04T19:10:20Z logger.go:66:             "clientIP" = {
TestTerraformCompleteExample 2022-08-04T19:10:20Z logger.go:66:               "timeoutSeconds" = tonumber(null)
TestTerraformCompleteExample 2022-08-04T19:10:20Z logger.go:66:             }
TestTerraformCompleteExample 2022-08-04T19:10:20Z logger.go:66:           }
TestTerraformCompleteExample 2022-08-04T19:10:20Z logger.go:66:         }
TestTerraformCompleteExample 2022-08-04T19:10:20Z logger.go:66:         "route" = {
TestTerraformCompleteExample 2022-08-04T19:10:20Z logger.go:66:           "annotations" = tomap(null) /* of string */
TestTerraformCompleteExample 2022-08-04T19:10:20Z logger.go:66:           "bootstrapPrefix" = tostring(null)
TestTerraformCompleteExample 2022-08-04T19:10:20Z logger.go:66:           "brokerPrefix" = tostring(null)
TestTerraformCompleteExample 2022-08-04T19:10:20Z logger.go:66:           "domain" = tostring(null)
TestTerraformCompleteExample 2022-08-04T19:10:20Z logger.go:66:           "labels" = tomap(null) /* of string */
TestTerraformCompleteExample 2022-08-04T19:10:20Z logger.go:66:           "wildcardPolicy" = tostring(null)
TestTerraformCompleteExample 2022-08-04T19:10:20Z logger.go:66:         }
TestTerraformCompleteExample 2022-08-04T19:10:20Z logger.go:66:         "staticForHostBasedRouting" = {
TestTerraformCompleteExample 2022-08-04T19:10:20Z logger.go:66:           "brokerPrefix" = tostring(null)
TestTerraformCompleteExample 2022-08-04T19:10:20Z logger.go:66:           "domain" = tostring(null)
TestTerraformCompleteExample 2022-08-04T19:10:20Z logger.go:66:           "port" = tonumber(null)
TestTerraformCompleteExample 2022-08-04T19:10:20Z logger.go:66:         }
TestTerraformCompleteExample 2022-08-04T19:10:20Z logger.go:66:         "staticForPortBasedRouting" = {
TestTerraformCompleteExample 2022-08-04T19:10:20Z logger.go:66:           "host" = tostring(null)
TestTerraformCompleteExample 2022-08-04T19:10:20Z logger.go:66:           "portOffset" = tonumber(null)
TestTerraformCompleteExample 2022-08-04T19:10:20Z logger.go:66:         }
TestTerraformCompleteExample 2022-08-04T19:10:20Z logger.go:66:         "type" = tostring(null)
TestTerraformCompleteExample 2022-08-04T19:10:20Z logger.go:66:       }
TestTerraformCompleteExample 2022-08-04T19:10:20Z logger.go:66:       "tls" = {
TestTerraformCompleteExample 2022-08-04T19:10:20Z logger.go:66:         "directoryPathInContainer" = tostring(null)
TestTerraformCompleteExample 2022-08-04T19:10:20Z logger.go:66:         "enabled" = tobool(null)
TestTerraformCompleteExample 2022-08-04T19:10:20Z logger.go:66:         "ignoreTrustStoreConfig" = tobool(null)
TestTerraformCompleteExample 2022-08-04T19:10:20Z logger.go:66:         "jksPassword" = {
TestTerraformCompleteExample 2022-08-04T19:10:20Z logger.go:66:           "secretRef" = tostring(null)
TestTerraformCompleteExample 2022-08-04T19:10:20Z logger.go:66:         }
TestTerraformCompleteExample 2022-08-04T19:10:20Z logger.go:66:         "secretRef" = tostring(null)
TestTerraformCompleteExample 2022-08-04T19:10:20Z logger.go:66:       }
TestTerraformCompleteExample 2022-08-04T19:10:20Z logger.go:66:     }
TestTerraformCompleteExample 2022-08-04T19:10:20Z logger.go:66:     "internal" = {
TestTerraformCompleteExample 2022-08-04T19:10:20Z logger.go:66:       "authentication" = {
TestTerraformCompleteExample 2022-08-04T19:10:20Z logger.go:66:         "jaasConfig" = {
TestTerraformCompleteExample 2022-08-04T19:10:20Z logger.go:66:           "secretRef" = tostring(null)
TestTerraformCompleteExample 2022-08-04T19:10:20Z logger.go:66:         }
TestTerraformCompleteExample 2022-08-04T19:10:21Z logger.go:66:         "jaasConfigPassThrough" = {
TestTerraformCompleteExample 2022-08-04T19:10:21Z logger.go:66:           "directoryPathInContainer" = tostring(null)
TestTerraformCompleteExample 2022-08-04T19:10:21Z logger.go:66:           "secretRef" = tostring(null)
TestTerraformCompleteExample 2022-08-04T19:10:21Z logger.go:66:         }
TestTerraformCompleteExample 2022-08-04T19:10:21Z logger.go:66:         "principalMappingRules" = tolist(null) /* of string */
TestTerraformCompleteExample 2022-08-04T19:10:21Z logger.go:66:         "type" = tostring(null)
TestTerraformCompleteExample 2022-08-04T19:10:21Z logger.go:66:       }
TestTerraformCompleteExample 2022-08-04T19:10:21Z logger.go:66:       "tls" = {
TestTerraformCompleteExample 2022-08-04T19:10:21Z logger.go:66:         "directoryPathInContainer" = tostring(null)
TestTerraformCompleteExample 2022-08-04T19:10:21Z logger.go:66:         "enabled" = tobool(null)
TestTerraformCompleteExample 2022-08-04T19:10:21Z logger.go:66:         "ignoreTrustStoreConfig" = tobool(null)
TestTerraformCompleteExample 2022-08-04T19:10:21Z logger.go:66:         "jksPassword" = {
TestTerraformCompleteExample 2022-08-04T19:10:21Z logger.go:66:           "secretRef" = tostring(null)
TestTerraformCompleteExample 2022-08-04T19:10:21Z logger.go:66:         }
TestTerraformCompleteExample 2022-08-04T19:10:21Z logger.go:66:         "secretRef" = tostring(null)
TestTerraformCompleteExample 2022-08-04T19:10:21Z logger.go:66:       }
TestTerraformCompleteExample 2022-08-04T19:10:21Z logger.go:66:     }
TestTerraformCompleteExample 2022-08-04T19:10:21Z logger.go:66:   }
TestTerraformCompleteExample 2022-08-04T19:10:21Z logger.go:66:   "metricReporter" = {
TestTerraformCompleteExample 2022-08-04T19:10:21Z logger.go:66:     "authentication" = {
TestTerraformCompleteExample 2022-08-04T19:10:21Z logger.go:66:       "jaasConfig" = {
TestTerraformCompleteExample 2022-08-04T19:10:21Z logger.go:66:         "secretRef" = tostring(null)
TestTerraformCompleteExample 2022-08-04T19:10:21Z logger.go:66:       }
TestTerraformCompleteExample 2022-08-04T19:10:21Z logger.go:66:       "jaasConfigPassThrough" = {
TestTerraformCompleteExample 2022-08-04T19:10:21Z logger.go:66:         "directoryPathInContainer" = tostring(null)
TestTerraformCompleteExample 2022-08-04T19:10:21Z logger.go:66:         "secretRef" = tostring(null)
TestTerraformCompleteExample 2022-08-04T19:10:21Z logger.go:66:       }
TestTerraformCompleteExample 2022-08-04T19:10:21Z logger.go:66:       "oauthbearer" = {
TestTerraformCompleteExample 2022-08-04T19:10:21Z logger.go:66:         "directoryPathInContainer" = tostring(null)
TestTerraformCompleteExample 2022-08-04T19:10:21Z logger.go:66:         "secretRef" = tostring(null)
TestTerraformCompleteExample 2022-08-04T19:10:21Z logger.go:66:       }
TestTerraformCompleteExample 2022-08-04T19:10:21Z logger.go:66:       "type" = tostring(null)
TestTerraformCompleteExample 2022-08-04T19:10:21Z logger.go:66:     }
TestTerraformCompleteExample 2022-08-04T19:10:21Z logger.go:66:     "bootstrapEndpoint" = tostring(null)
TestTerraformCompleteExample 2022-08-04T19:10:21Z logger.go:66:     "enabled" = true
TestTerraformCompleteExample 2022-08-04T19:10:21Z logger.go:66:     "replicationFactor" = tonumber(null)
TestTerraformCompleteExample 2022-08-04T19:10:21Z logger.go:66:     "tls" = {
TestTerraformCompleteExample 2022-08-04T19:10:21Z logger.go:66:       "directoryPathInContainer" = tostring(null)
TestTerraformCompleteExample 2022-08-04T19:10:21Z logger.go:66:       "enabled" = tobool(null)
TestTerraformCompleteExample 2022-08-04T19:10:21Z logger.go:66:       "ignoreTrustStoreConfig" = tobool(null)
TestTerraformCompleteExample 2022-08-04T19:10:21Z logger.go:66:       "jksPassword" = {
TestTerraformCompleteExample 2022-08-04T19:10:21Z logger.go:66:         "secretRef" = tostring(null)
TestTerraformCompleteExample 2022-08-04T19:10:21Z logger.go:66:       }
TestTerraformCompleteExample 2022-08-04T19:10:21Z logger.go:66:       "secretRef" = tostring(null)
TestTerraformCompleteExample 2022-08-04T19:10:21Z logger.go:66:     }
TestTerraformCompleteExample 2022-08-04T19:10:21Z logger.go:66:   }
TestTerraformCompleteExample 2022-08-04T19:10:21Z logger.go:66:   "metrics" = {
TestTerraformCompleteExample 2022-08-04T19:10:21Z logger.go:66:     "authentication" = {
TestTerraformCompleteExample 2022-08-04T19:10:21Z logger.go:66:       "type" = tostring(null)
TestTerraformCompleteExample 2022-08-04T19:10:21Z logger.go:66:     }
TestTerraformCompleteExample 2022-08-04T19:10:21Z logger.go:66:     "prometheus" = {
TestTerraformCompleteExample 2022-08-04T19:10:21Z logger.go:66:       "blacklist" = tolist(null) /* of string */
TestTerraformCompleteExample 2022-08-04T19:10:21Z logger.go:66:       "rules" = tolist(null) /* of object */
TestTerraformCompleteExample 2022-08-04T19:10:21Z logger.go:66:       "whitelist" = tolist(null) /* of string */
TestTerraformCompleteExample 2022-08-04T19:10:21Z logger.go:66:     }
TestTerraformCompleteExample 2022-08-04T19:10:21Z logger.go:66:     "tls" = {
TestTerraformCompleteExample 2022-08-04T19:10:21Z logger.go:66:       "directoryPathInContainer" = tostring(null)
TestTerraformCompleteExample 2022-08-04T19:10:21Z logger.go:66:       "enabled" = tobool(null)
TestTerraformCompleteExample 2022-08-04T19:10:21Z logger.go:66:       "ignoreTrustStoreConfig" = tobool(null)
TestTerraformCompleteExample 2022-08-04T19:10:21Z logger.go:66:       "jksPassword" = {
TestTerraformCompleteExample 2022-08-04T19:10:21Z logger.go:66:         "secretRef" = tostring(null)
TestTerraformCompleteExample 2022-08-04T19:10:21Z logger.go:66:       }
TestTerraformCompleteExample 2022-08-04T19:10:21Z logger.go:66:       "secretRef" = tostring(null)
TestTerraformCompleteExample 2022-08-04T19:10:21Z logger.go:66:     }
TestTerraformCompleteExample 2022-08-04T19:10:21Z logger.go:66:   }
TestTerraformCompleteExample 2022-08-04T19:10:21Z logger.go:66:   "mountedSecrets" = tolist(null) /* of object */
TestTerraformCompleteExample 2022-08-04T19:10:21Z logger.go:66:   "mountedVolumes" = {
TestTerraformCompleteExample 2022-08-04T19:10:21Z logger.go:66:     "volumeMounts" = tolist(null) /* of object */
TestTerraformCompleteExample 2022-08-04T19:10:21Z logger.go:66:     "volumes" = null /* tuple */
TestTerraformCompleteExample 2022-08-04T19:10:21Z logger.go:66:   }
TestTerraformCompleteExample 2022-08-04T19:10:21Z logger.go:66:   "oneReplicaPerNode" = tobool(null)
TestTerraformCompleteExample 2022-08-04T19:10:21Z logger.go:66:   "passwordEncoder" = {
TestTerraformCompleteExample 2022-08-04T19:10:21Z logger.go:66:     "directoryPathInContainer" = tostring(null)
TestTerraformCompleteExample 2022-08-04T19:10:21Z logger.go:66:     "secretRef" = tostring(null)
TestTerraformCompleteExample 2022-08-04T19:10:21Z logger.go:66:   }
TestTerraformCompleteExample 2022-08-04T19:10:21Z logger.go:66:   "podTemplate" = {
TestTerraformCompleteExample 2022-08-04T19:10:21Z logger.go:66:     "affinity" = {
TestTerraformCompleteExample 2022-08-04T19:10:21Z logger.go:66:       "nodeAffinity" = {
TestTerraformCompleteExample 2022-08-04T19:10:21Z logger.go:66:         "preferredDuringSchedulingIgnoredDuringExecution" = tolist(null) /* of object */
TestTerraformCompleteExample 2022-08-04T19:10:21Z logger.go:66:         "requiredDuringSchedulingIgnoredDuringExecution" = {
TestTerraformCompleteExample 2022-08-04T19:10:21Z logger.go:66:           "nodeSelectorTerms" = tolist(null) /* of object */
TestTerraformCompleteExample 2022-08-04T19:10:21Z logger.go:66:         }
TestTerraformCompleteExample 2022-08-04T19:10:21Z logger.go:66:       }
TestTerraformCompleteExample 2022-08-04T19:10:21Z logger.go:66:       "podAffinity" = {
TestTerraformCompleteExample 2022-08-04T19:10:21Z logger.go:66:         "preferredDuringSchedulingIgnoredDuringExecution" = tolist(null) /* of object */
TestTerraformCompleteExample 2022-08-04T19:10:21Z logger.go:66:         "requiredDuringSchedulingIgnoredDuringExecution" = tolist(null) /* of object */
TestTerraformCompleteExample 2022-08-04T19:10:21Z logger.go:66:       }
TestTerraformCompleteExample 2022-08-04T19:10:21Z logger.go:66:       "podAntiAffinity" = {
TestTerraformCompleteExample 2022-08-04T19:10:21Z logger.go:66:         "preferredDuringSchedulingIgnoredDuringExecution" = tolist(null) /* of object */
TestTerraformCompleteExample 2022-08-04T19:10:21Z logger.go:66:         "requiredDuringSchedulingIgnoredDuringExecution" = tolist(null) /* of object */
TestTerraformCompleteExample 2022-08-04T19:10:21Z logger.go:66:       }
TestTerraformCompleteExample 2022-08-04T19:10:21Z logger.go:66:     }
TestTerraformCompleteExample 2022-08-04T19:10:21Z logger.go:66:     "annotations" = tomap(null) /* of string */
TestTerraformCompleteExample 2022-08-04T19:10:21Z logger.go:66:     "envVars" = tolist(null) /* of object */
TestTerraformCompleteExample 2022-08-04T19:10:21Z logger.go:66:     "labels" = tomap(null) /* of string */
TestTerraformCompleteExample 2022-08-04T19:10:21Z logger.go:66:     "podSecurityContext" = {
TestTerraformCompleteExample 2022-08-04T19:10:21Z logger.go:66:       "fsGroup" = tonumber(null)
TestTerraformCompleteExample 2022-08-04T19:10:21Z logger.go:66:       "fsGroupChangePolicy" = tostring(null)
TestTerraformCompleteExample 2022-08-04T19:10:21Z logger.go:66:       "runAsGroup" = tonumber(null)
TestTerraformCompleteExample 2022-08-04T19:10:21Z logger.go:66:       "runAsNonRoot" = tobool(null)
TestTerraformCompleteExample 2022-08-04T19:10:21Z logger.go:66:       "runAsUser" = tonumber(null)
TestTerraformCompleteExample 2022-08-04T19:10:21Z logger.go:66:       "seLinuxOptions" = {
TestTerraformCompleteExample 2022-08-04T19:10:21Z logger.go:66:         "level" = tostring(null)
TestTerraformCompleteExample 2022-08-04T19:10:21Z logger.go:66:         "role" = tostring(null)
TestTerraformCompleteExample 2022-08-04T19:10:21Z logger.go:66:         "type" = tostring(null)
TestTerraformCompleteExample 2022-08-04T19:10:21Z logger.go:66:         "user" = tostring(null)
TestTerraformCompleteExample 2022-08-04T19:10:21Z logger.go:66:       }
TestTerraformCompleteExample 2022-08-04T19:10:21Z logger.go:66:       "seccompProfile" = {
TestTerraformCompleteExample 2022-08-04T19:10:21Z logger.go:66:         "localhostProfile" = tostring(null)
TestTerraformCompleteExample 2022-08-04T19:10:21Z logger.go:66:         "type" = tostring(null)
TestTerraformCompleteExample 2022-08-04T19:10:21Z logger.go:66:       }
TestTerraformCompleteExample 2022-08-04T19:10:21Z logger.go:66:       "supplementalGroups" = tolist(null) /* of number */
TestTerraformCompleteExample 2022-08-04T19:10:21Z logger.go:66:       "sysctls" = tolist(null) /* of object */
TestTerraformCompleteExample 2022-08-04T19:10:21Z logger.go:66:       "windowsOptions" = {
TestTerraformCompleteExample 2022-08-04T19:10:21Z logger.go:66:         "gmsaCredentialSpec" = tostring(null)
TestTerraformCompleteExample 2022-08-04T19:10:21Z logger.go:66:         "gmsaCredentialSpecName" = tostring(null)
TestTerraformCompleteExample 2022-08-04T19:10:21Z logger.go:66:         "hostProcess" = tobool(null)
TestTerraformCompleteExample 2022-08-04T19:10:21Z logger.go:66:         "runAsUserName" = tostring(null)
TestTerraformCompleteExample 2022-08-04T19:10:21Z logger.go:66:       }
TestTerraformCompleteExample 2022-08-04T19:10:21Z logger.go:66:     }
TestTerraformCompleteExample 2022-08-04T19:10:21Z logger.go:66:     "priorityClassName" = tostring(null)
TestTerraformCompleteExample 2022-08-04T19:10:21Z logger.go:66:     "probe" = {
TestTerraformCompleteExample 2022-08-04T19:10:21Z logger.go:66:       "liveness" = {
TestTerraformCompleteExample 2022-08-04T19:10:21Z logger.go:66:         "failureThreshold" = tonumber(null)
TestTerraformCompleteExample 2022-08-04T19:10:21Z logger.go:66:         "initialDelaySeconds" = tonumber(null)
TestTerraformCompleteExample 2022-08-04T19:10:21Z logger.go:66:         "periodSeconds" = tonumber(null)
TestTerraformCompleteExample 2022-08-04T19:10:21Z logger.go:66:         "successThreshold" = tonumber(null)
TestTerraformCompleteExample 2022-08-04T19:10:21Z logger.go:66:         "timeoutSeconds" = tonumber(null)
TestTerraformCompleteExample 2022-08-04T19:10:21Z logger.go:66:       }
TestTerraformCompleteExample 2022-08-04T19:10:21Z logger.go:66:       "readiness" = {
TestTerraformCompleteExample 2022-08-04T19:10:21Z logger.go:66:         "failureThreshold" = tonumber(null)
TestTerraformCompleteExample 2022-08-04T19:10:21Z logger.go:66:         "initialDelaySeconds" = tonumber(null)
TestTerraformCompleteExample 2022-08-04T19:10:21Z logger.go:66:         "periodSeconds" = tonumber(null)
TestTerraformCompleteExample 2022-08-04T19:10:21Z logger.go:66:         "successThreshold" = tonumber(null)
TestTerraformCompleteExample 2022-08-04T19:10:21Z logger.go:66:         "timeoutSeconds" = tonumber(null)
TestTerraformCompleteExample 2022-08-04T19:10:21Z logger.go:66:       }
TestTerraformCompleteExample 2022-08-04T19:10:21Z logger.go:66:     }
TestTerraformCompleteExample 2022-08-04T19:10:21Z logger.go:66:     "resources" = {
TestTerraformCompleteExample 2022-08-04T19:10:21Z logger.go:66:       "limits" = tomap(null) /* of string */
TestTerraformCompleteExample 2022-08-04T19:10:21Z logger.go:66:       "requests" = tomap(null) /* of string */
TestTerraformCompleteExample 2022-08-04T19:10:21Z logger.go:66:     }
TestTerraformCompleteExample 2022-08-04T19:10:21Z logger.go:66:     "securityContext" = {
TestTerraformCompleteExample 2022-08-04T19:10:21Z logger.go:66:       "allowPrivilegeEscalation" = tobool(null)
TestTerraformCompleteExample 2022-08-04T19:10:21Z logger.go:66:       "capabilities" = {
TestTerraformCompleteExample 2022-08-04T19:10:21Z logger.go:66:         "add" = tolist(null) /* of string */
TestTerraformCompleteExample 2022-08-04T19:10:21Z logger.go:66:         "drop" = tolist(null) /* of string */
TestTerraformCompleteExample 2022-08-04T19:10:21Z logger.go:66:       }
TestTerraformCompleteExample 2022-08-04T19:10:21Z logger.go:66:       "privileged" = tobool(null)
TestTerraformCompleteExample 2022-08-04T19:10:21Z logger.go:66:       "procMount" = tostring(null)
TestTerraformCompleteExample 2022-08-04T19:10:21Z logger.go:66:       "readOnlyRootFilesystem" = tobool(null)
TestTerraformCompleteExample 2022-08-04T19:10:21Z logger.go:66:       "runAsGroup" = tonumber(null)
TestTerraformCompleteExample 2022-08-04T19:10:21Z logger.go:66:       "runAsNonRoot" = tobool(null)
TestTerraformCompleteExample 2022-08-04T19:10:21Z logger.go:66:       "runAsUser" = tonumber(null)
TestTerraformCompleteExample 2022-08-04T19:10:21Z logger.go:66:       "seLinuxOptions" = {
TestTerraformCompleteExample 2022-08-04T19:10:21Z logger.go:66:         "level" = tostring(null)
TestTerraformCompleteExample 2022-08-04T19:10:21Z logger.go:66:         "role" = tostring(null)
TestTerraformCompleteExample 2022-08-04T19:10:21Z logger.go:66:         "type" = tostring(null)
TestTerraformCompleteExample 2022-08-04T19:10:21Z logger.go:66:         "user" = tostring(null)
TestTerraformCompleteExample 2022-08-04T19:10:21Z logger.go:66:       }
TestTerraformCompleteExample 2022-08-04T19:10:21Z logger.go:66:       "seccompProfile" = {
TestTerraformCompleteExample 2022-08-04T19:10:21Z logger.go:66:         "localhostProfile" = tostring(null)
TestTerraformCompleteExample 2022-08-04T19:10:21Z logger.go:66:         "type" = tostring(null)
TestTerraformCompleteExample 2022-08-04T19:10:21Z logger.go:66:       }
TestTerraformCompleteExample 2022-08-04T19:10:21Z logger.go:66:       "windowsOptions" = {
TestTerraformCompleteExample 2022-08-04T19:10:21Z logger.go:66:         "gmsaCredentialSpec" = tostring(null)
TestTerraformCompleteExample 2022-08-04T19:10:21Z logger.go:66:         "gmsaCredentialSpecName" = tostring(null)
TestTerraformCompleteExample 2022-08-04T19:10:21Z logger.go:66:         "hostProcess" = tobool(null)
TestTerraformCompleteExample 2022-08-04T19:10:21Z logger.go:66:         "runAsUserName" = tostring(null)
TestTerraformCompleteExample 2022-08-04T19:10:21Z logger.go:66:       }
TestTerraformCompleteExample 2022-08-04T19:10:21Z logger.go:66:     }
TestTerraformCompleteExample 2022-08-04T19:10:21Z logger.go:66:     "serviceAccountName" = tostring(null)
TestTerraformCompleteExample 2022-08-04T19:10:21Z logger.go:66:     "terminationGracePeriodSeconds" = tonumber(null)
TestTerraformCompleteExample 2022-08-04T19:10:21Z logger.go:66:     "tolerations" = tolist(null) /* of object */
TestTerraformCompleteExample 2022-08-04T19:10:21Z logger.go:66:     "topologySpreadConstraints" = tolist(null) /* of object */
TestTerraformCompleteExample 2022-08-04T19:10:21Z logger.go:66:   }
TestTerraformCompleteExample 2022-08-04T19:10:21Z logger.go:66:   "rackAssignment" = {
TestTerraformCompleteExample 2022-08-04T19:10:21Z logger.go:66:     "availabilityZoneCount" = tonumber(null)
TestTerraformCompleteExample 2022-08-04T19:10:21Z logger.go:66:     "nodeLabels" = tolist(null) /* of string */
TestTerraformCompleteExample 2022-08-04T19:10:21Z logger.go:66:   }
TestTerraformCompleteExample 2022-08-04T19:10:21Z logger.go:66:   "replicas" = 3
TestTerraformCompleteExample 2022-08-04T19:10:21Z logger.go:66:   "services" = {
TestTerraformCompleteExample 2022-08-04T19:10:21Z logger.go:66:     "kafkaRest" = {
TestTerraformCompleteExample 2022-08-04T19:10:21Z logger.go:66:       "authentication" = {
TestTerraformCompleteExample 2022-08-04T19:10:21Z logger.go:66:         "basic" = {
TestTerraformCompleteExample 2022-08-04T19:10:21Z logger.go:66:           "debug" = tobool(null)
TestTerraformCompleteExample 2022-08-04T19:10:21Z logger.go:66:           "directoryPathInContainer" = tostring(null)
TestTerraformCompleteExample 2022-08-04T19:10:21Z logger.go:66:           "restrictedRoles" = tolist(null) /* of string */
TestTerraformCompleteExample 2022-08-04T19:10:21Z logger.go:66:           "roles" = tolist(null) /* of string */
TestTerraformCompleteExample 2022-08-04T19:10:21Z logger.go:66:           "secretRef" = tostring(null)
TestTerraformCompleteExample 2022-08-04T19:10:21Z logger.go:66:         }
TestTerraformCompleteExample 2022-08-04T19:10:21Z logger.go:66:         "type" = tostring(null)
TestTerraformCompleteExample 2022-08-04T19:10:21Z logger.go:66:       }
TestTerraformCompleteExample 2022-08-04T19:10:21Z logger.go:66:       "externalAccess" = {
TestTerraformCompleteExample 2022-08-04T19:10:21Z logger.go:66:         "loadBalancer" = {
TestTerraformCompleteExample 2022-08-04T19:10:21Z logger.go:66:           "advertisedURL" = {
TestTerraformCompleteExample 2022-08-04T19:10:21Z logger.go:66:             "enabled" = tobool(null)
TestTerraformCompleteExample 2022-08-04T19:10:21Z logger.go:66:             "prefix" = tostring(null)
TestTerraformCompleteExample 2022-08-04T19:10:21Z logger.go:66:           }
TestTerraformCompleteExample 2022-08-04T19:10:21Z logger.go:66:           "annotations" = tomap(null) /* of string */
TestTerraformCompleteExample 2022-08-04T19:10:21Z logger.go:66:           "domain" = tostring(null)
TestTerraformCompleteExample 2022-08-04T19:10:21Z logger.go:66:           "externalTrafficPolicy" = tostring(null)
TestTerraformCompleteExample 2022-08-04T19:10:21Z logger.go:66:           "labels" = tomap(null) /* of string */
TestTerraformCompleteExample 2022-08-04T19:10:21Z logger.go:66:           "loadBalancerSourceRanges" = tolist(null) /* of string */
TestTerraformCompleteExample 2022-08-04T19:10:21Z logger.go:66:           "port" = tonumber(null)
TestTerraformCompleteExample 2022-08-04T19:10:21Z logger.go:66:           "prefix" = tostring(null)
TestTerraformCompleteExample 2022-08-04T19:10:21Z logger.go:66:           "servicePorts" = tolist(null) /* of object */
TestTerraformCompleteExample 2022-08-04T19:10:21Z logger.go:66:           "sessionAffinity" = tostring(null)
TestTerraformCompleteExample 2022-08-04T19:10:21Z logger.go:66:           "sessionAffinityConfig" = {
TestTerraformCompleteExample 2022-08-04T19:10:21Z logger.go:66:             "clientIP" = {
TestTerraformCompleteExample 2022-08-04T19:10:21Z logger.go:66:               "timeoutSeconds" = tonumber(null)
TestTerraformCompleteExample 2022-08-04T19:10:21Z logger.go:66:             }
TestTerraformCompleteExample 2022-08-04T19:10:21Z logger.go:66:           }
TestTerraformCompleteExample 2022-08-04T19:10:21Z logger.go:66:         }
TestTerraformCompleteExample 2022-08-04T19:10:21Z logger.go:66:         "nodePort" = {
TestTerraformCompleteExample 2022-08-04T19:10:21Z logger.go:66:           "advertisedURL" = {
TestTerraformCompleteExample 2022-08-04T19:10:21Z logger.go:66:             "enabled" = tobool(null)
TestTerraformCompleteExample 2022-08-04T19:10:21Z logger.go:66:             "prefix" = tostring(null)
TestTerraformCompleteExample 2022-08-04T19:10:21Z logger.go:66:           }
TestTerraformCompleteExample 2022-08-04T19:10:21Z logger.go:66:           "annotations" = tomap(null) /* of string */
TestTerraformCompleteExample 2022-08-04T19:10:21Z logger.go:66:           "externalTrafficPolicy" = tostring(null)
TestTerraformCompleteExample 2022-08-04T19:10:21Z logger.go:66:           "host" = tostring(null)
TestTerraformCompleteExample 2022-08-04T19:10:21Z logger.go:66:           "labels" = tomap(null) /* of string */
TestTerraformCompleteExample 2022-08-04T19:10:21Z logger.go:66:           "nodePortOffset" = tonumber(null)
TestTerraformCompleteExample 2022-08-04T19:10:21Z logger.go:66:           "servicePorts" = tolist(null) /* of object */
TestTerraformCompleteExample 2022-08-04T19:10:21Z logger.go:66:           "sessionAffinity" = tostring(null)
TestTerraformCompleteExample 2022-08-04T19:10:21Z logger.go:66:           "sessionAffinityConfig" = {
TestTerraformCompleteExample 2022-08-04T19:10:21Z logger.go:66:             "clientIP" = {
TestTerraformCompleteExample 2022-08-04T19:10:21Z logger.go:66:               "timeoutSeconds" = tonumber(null)
TestTerraformCompleteExample 2022-08-04T19:10:21Z logger.go:66:             }
TestTerraformCompleteExample 2022-08-04T19:10:21Z logger.go:66:           }
TestTerraformCompleteExample 2022-08-04T19:10:21Z logger.go:66:         }
TestTerraformCompleteExample 2022-08-04T19:10:21Z logger.go:66:         "route" = {
TestTerraformCompleteExample 2022-08-04T19:10:21Z logger.go:66:           "annotations" = tomap(null) /* of string */
TestTerraformCompleteExample 2022-08-04T19:10:21Z logger.go:66:           "domain" = tostring(null)
TestTerraformCompleteExample 2022-08-04T19:10:21Z logger.go:66:           "labels" = tomap(null) /* of string */
TestTerraformCompleteExample 2022-08-04T19:10:21Z logger.go:66:           "prefix" = tostring(null)
TestTerraformCompleteExample 2022-08-04T19:10:21Z logger.go:66:           "wildcardPolicy" = tostring(null)
TestTerraformCompleteExample 2022-08-04T19:10:21Z logger.go:66:         }
TestTerraformCompleteExample 2022-08-04T19:10:21Z logger.go:66:         "type" = tostring(null)
TestTerraformCompleteExample 2022-08-04T19:10:21Z logger.go:66:       }
TestTerraformCompleteExample 2022-08-04T19:10:21Z logger.go:66:       "tls" = {
TestTerraformCompleteExample 2022-08-04T19:10:21Z logger.go:66:         "directoryPathInContainer" = tostring(null)
TestTerraformCompleteExample 2022-08-04T19:10:21Z logger.go:66:         "enabled" = tobool(null)
TestTerraformCompleteExample 2022-08-04T19:10:21Z logger.go:66:         "ignoreTrustStoreConfig" = tobool(null)
TestTerraformCompleteExample 2022-08-04T19:10:21Z logger.go:66:         "jksPassword" = {
TestTerraformCompleteExample 2022-08-04T19:10:21Z logger.go:66:           "secretRef" = tostring(null)
TestTerraformCompleteExample 2022-08-04T19:10:21Z logger.go:66:         }
TestTerraformCompleteExample 2022-08-04T19:10:21Z logger.go:66:         "secretRef" = tostring(null)
TestTerraformCompleteExample 2022-08-04T19:10:21Z logger.go:66:       }
TestTerraformCompleteExample 2022-08-04T19:10:21Z logger.go:66:     }
TestTerraformCompleteExample 2022-08-04T19:10:21Z logger.go:66:     "mds" = {
TestTerraformCompleteExample 2022-08-04T19:10:21Z logger.go:66:       "authentication" = {
TestTerraformCompleteExample 2022-08-04T19:10:21Z logger.go:66:         "type" = tostring(null)
TestTerraformCompleteExample 2022-08-04T19:10:21Z logger.go:66:       }
TestTerraformCompleteExample 2022-08-04T19:10:21Z logger.go:66:       "externalAccess" = {
TestTerraformCompleteExample 2022-08-04T19:10:21Z logger.go:66:         "loadBalancer" = {
TestTerraformCompleteExample 2022-08-04T19:10:21Z logger.go:66:           "advertisedURL" = {
TestTerraformCompleteExample 2022-08-04T19:10:21Z logger.go:66:             "enabled" = tobool(null)
TestTerraformCompleteExample 2022-08-04T19:10:21Z logger.go:66:             "prefix" = tostring(null)
TestTerraformCompleteExample 2022-08-04T19:10:21Z logger.go:66:           }
TestTerraformCompleteExample 2022-08-04T19:10:21Z logger.go:66:           "annotations" = tomap(null) /* of string */
TestTerraformCompleteExample 2022-08-04T19:10:21Z logger.go:66:           "domain" = tostring(null)
TestTerraformCompleteExample 2022-08-04T19:10:21Z logger.go:66:           "externalTrafficPolicy" = tostring(null)
TestTerraformCompleteExample 2022-08-04T19:10:21Z logger.go:66:           "labels" = tomap(null) /* of string */
TestTerraformCompleteExample 2022-08-04T19:10:21Z logger.go:66:           "loadBalancerSourceRanges" = tolist(null) /* of string */
TestTerraformCompleteExample 2022-08-04T19:10:21Z logger.go:66:           "port" = tonumber(null)
TestTerraformCompleteExample 2022-08-04T19:10:21Z logger.go:66:           "prefix" = tostring(null)
TestTerraformCompleteExample 2022-08-04T19:10:21Z logger.go:66:           "servicePorts" = tolist(null) /* of object */
TestTerraformCompleteExample 2022-08-04T19:10:21Z logger.go:66:           "sessionAffinity" = tostring(null)
TestTerraformCompleteExample 2022-08-04T19:10:21Z logger.go:66:           "sessionAffinityConfig" = {
TestTerraformCompleteExample 2022-08-04T19:10:21Z logger.go:66:             "clientIP" = {
TestTerraformCompleteExample 2022-08-04T19:10:21Z logger.go:66:               "timeoutSeconds" = tonumber(null)
TestTerraformCompleteExample 2022-08-04T19:10:21Z logger.go:66:             }
TestTerraformCompleteExample 2022-08-04T19:10:21Z logger.go:66:           }
TestTerraformCompleteExample 2022-08-04T19:10:21Z logger.go:66:         }
TestTerraformCompleteExample 2022-08-04T19:10:21Z logger.go:66:         "nodePort" = {
TestTerraformCompleteExample 2022-08-04T19:10:21Z logger.go:66:           "advertisedURL" = {
TestTerraformCompleteExample 2022-08-04T19:10:21Z logger.go:66:             "enabled" = tobool(null)
TestTerraformCompleteExample 2022-08-04T19:10:21Z logger.go:66:             "prefix" = tostring(null)
TestTerraformCompleteExample 2022-08-04T19:10:21Z logger.go:66:           }
TestTerraformCompleteExample 2022-08-04T19:10:21Z logger.go:66:           "annotations" = tomap(null) /* of string */
TestTerraformCompleteExample 2022-08-04T19:10:21Z logger.go:66:           "externalTrafficPolicy" = tostring(null)
TestTerraformCompleteExample 2022-08-04T19:10:21Z logger.go:66:           "host" = tostring(null)
TestTerraformCompleteExample 2022-08-04T19:10:21Z logger.go:66:           "labels" = tomap(null) /* of string */
TestTerraformCompleteExample 2022-08-04T19:10:21Z logger.go:66:           "nodePortOffset" = tonumber(null)
TestTerraformCompleteExample 2022-08-04T19:10:21Z logger.go:66:           "servicePorts" = tolist(null) /* of object */
TestTerraformCompleteExample 2022-08-04T19:10:21Z logger.go:66:           "sessionAffinity" = tostring(null)
TestTerraformCompleteExample 2022-08-04T19:10:21Z logger.go:66:           "sessionAffinityConfig" = {
TestTerraformCompleteExample 2022-08-04T19:10:21Z logger.go:66:             "clientIP" = {
TestTerraformCompleteExample 2022-08-04T19:10:21Z logger.go:66:               "timeoutSeconds" = tonumber(null)
TestTerraformCompleteExample 2022-08-04T19:10:21Z logger.go:66:             }
TestTerraformCompleteExample 2022-08-04T19:10:21Z logger.go:66:           }
TestTerraformCompleteExample 2022-08-04T19:10:21Z logger.go:66:         }
TestTerraformCompleteExample 2022-08-04T19:10:21Z logger.go:66:         "route" = {
TestTerraformCompleteExample 2022-08-04T19:10:21Z logger.go:66:           "annotations" = tomap(null) /* of string */
TestTerraformCompleteExample 2022-08-04T19:10:21Z logger.go:66:           "domain" = tostring(null)
TestTerraformCompleteExample 2022-08-04T19:10:21Z logger.go:66:           "labels" = tomap(null) /* of string */
TestTerraformCompleteExample 2022-08-04T19:10:21Z logger.go:66:           "prefix" = tostring(null)
TestTerraformCompleteExample 2022-08-04T19:10:21Z logger.go:66:           "wildcardPolicy" = tostring(null)
TestTerraformCompleteExample 2022-08-04T19:10:21Z logger.go:66:         }
TestTerraformCompleteExample 2022-08-04T19:10:21Z logger.go:66:         "type" = tostring(null)
TestTerraformCompleteExample 2022-08-04T19:10:21Z logger.go:66:       }
TestTerraformCompleteExample 2022-08-04T19:10:21Z logger.go:66:       "provider" = {
TestTerraformCompleteExample 2022-08-04T19:10:21Z logger.go:66:         "ldap" = {
TestTerraformCompleteExample 2022-08-04T19:10:21Z logger.go:66:           "address" = tostring(null)
TestTerraformCompleteExample 2022-08-04T19:10:21Z logger.go:66:           "authentication" = {
TestTerraformCompleteExample 2022-08-04T19:10:21Z logger.go:66:             "simple" = {
TestTerraformCompleteExample 2022-08-04T19:10:21Z logger.go:66:               "directoryPathInContainer" = tostring(null)
TestTerraformCompleteExample 2022-08-04T19:10:21Z logger.go:66:               "secretRef" = tostring(null)
TestTerraformCompleteExample 2022-08-04T19:10:21Z logger.go:66:             }
TestTerraformCompleteExample 2022-08-04T19:10:21Z logger.go:66:             "type" = tostring(null)
TestTerraformCompleteExample 2022-08-04T19:10:21Z logger.go:66:           }
TestTerraformCompleteExample 2022-08-04T19:10:21Z logger.go:66:           "configurations" = {
TestTerraformCompleteExample 2022-08-04T19:10:21Z logger.go:66:             "groupMemberAttribute" = tostring(null)
TestTerraformCompleteExample 2022-08-04T19:10:21Z logger.go:66:             "groupMemberAttributePattern" = tostring(null)
TestTerraformCompleteExample 2022-08-04T19:10:21Z logger.go:66:             "groupNameAttribute" = tostring(null)
TestTerraformCompleteExample 2022-08-04T19:10:21Z logger.go:66:             "groupObjectClass" = tostring(null)
TestTerraformCompleteExample 2022-08-04T19:10:21Z logger.go:66:             "groupSearchBase" = tostring(null)
TestTerraformCompleteExample 2022-08-04T19:10:21Z logger.go:66:             "groupSearchFilter" = tostring(null)
TestTerraformCompleteExample 2022-08-04T19:10:21Z logger.go:66:             "groupSearchScope" = tonumber(null)
TestTerraformCompleteExample 2022-08-04T19:10:21Z logger.go:66:             "userMemberOfAttributePattern" = tostring(null)
TestTerraformCompleteExample 2022-08-04T19:10:21Z logger.go:66:             "userNameAttribute" = tostring(null)
TestTerraformCompleteExample 2022-08-04T19:10:21Z logger.go:66:             "userObjectClass" = tostring(null)
TestTerraformCompleteExample 2022-08-04T19:10:21Z logger.go:66:             "userSearchBase" = tostring(null)
TestTerraformCompleteExample 2022-08-04T19:10:21Z logger.go:66:             "userSearchFilter" = tostring(null)
TestTerraformCompleteExample 2022-08-04T19:10:21Z logger.go:66:             "userSearchScope" = tonumber(null)
TestTerraformCompleteExample 2022-08-04T19:10:21Z logger.go:66:           }
TestTerraformCompleteExample 2022-08-04T19:10:21Z logger.go:66:           "tls" = {
TestTerraformCompleteExample 2022-08-04T19:10:21Z logger.go:66:             "directoryPathInContainer" = tostring(null)
TestTerraformCompleteExample 2022-08-04T19:10:21Z logger.go:66:             "enabled" = tobool(null)
TestTerraformCompleteExample 2022-08-04T19:10:21Z logger.go:66:             "ignoreTrustStoreConfig" = tobool(null)
TestTerraformCompleteExample 2022-08-04T19:10:21Z logger.go:66:             "jksPassword" = {
TestTerraformCompleteExample 2022-08-04T19:10:21Z logger.go:66:               "secretRef" = tostring(null)
TestTerraformCompleteExample 2022-08-04T19:10:21Z logger.go:66:             }
TestTerraformCompleteExample 2022-08-04T19:10:21Z logger.go:66:             "secretRef" = tostring(null)
TestTerraformCompleteExample 2022-08-04T19:10:21Z logger.go:66:           }
TestTerraformCompleteExample 2022-08-04T19:10:21Z logger.go:66:         }
TestTerraformCompleteExample 2022-08-04T19:10:21Z logger.go:66:         "type" = tostring(null)
TestTerraformCompleteExample 2022-08-04T19:10:21Z logger.go:66:       }
TestTerraformCompleteExample 2022-08-04T19:10:21Z logger.go:66:       "tls" = {
TestTerraformCompleteExample 2022-08-04T19:10:21Z logger.go:66:         "directoryPathInContainer" = tostring(null)
TestTerraformCompleteExample 2022-08-04T19:10:21Z logger.go:66:         "enabled" = tobool(null)
TestTerraformCompleteExample 2022-08-04T19:10:21Z logger.go:66:         "ignoreTrustStoreConfig" = tobool(null)
TestTerraformCompleteExample 2022-08-04T19:10:21Z logger.go:66:         "jksPassword" = {
TestTerraformCompleteExample 2022-08-04T19:10:21Z logger.go:66:           "secretRef" = tostring(null)
TestTerraformCompleteExample 2022-08-04T19:10:21Z logger.go:66:         }
TestTerraformCompleteExample 2022-08-04T19:10:21Z logger.go:66:         "secretRef" = tostring(null)
TestTerraformCompleteExample 2022-08-04T19:10:21Z logger.go:66:       }
TestTerraformCompleteExample 2022-08-04T19:10:21Z logger.go:66:       "tokenKeyPair" = {
TestTerraformCompleteExample 2022-08-04T19:10:21Z logger.go:66:         "directoryPathInContainer" = tostring(null)
TestTerraformCompleteExample 2022-08-04T19:10:21Z logger.go:66:         "secretRef" = tostring(null)
TestTerraformCompleteExample 2022-08-04T19:10:21Z logger.go:66:       }
TestTerraformCompleteExample 2022-08-04T19:10:21Z logger.go:66:     }
TestTerraformCompleteExample 2022-08-04T19:10:21Z logger.go:66:   }
TestTerraformCompleteExample 2022-08-04T19:10:21Z logger.go:66:   "storageClass" = {
TestTerraformCompleteExample 2022-08-04T19:10:21Z logger.go:66:     "name" = tostring(null)
TestTerraformCompleteExample 2022-08-04T19:10:21Z logger.go:66:   }
TestTerraformCompleteExample 2022-08-04T19:10:21Z logger.go:66:   "telemetry" = {
TestTerraformCompleteExample 2022-08-04T19:10:21Z logger.go:66:     "global" = tobool(null)
TestTerraformCompleteExample 2022-08-04T19:10:21Z logger.go:66:   }
TestTerraformCompleteExample 2022-08-04T19:10:21Z logger.go:66:   "tls" = {
TestTerraformCompleteExample 2022-08-04T19:10:21Z logger.go:66:     "autoGeneratedCerts" = tobool(null)
TestTerraformCompleteExample 2022-08-04T19:10:21Z logger.go:66:     "directoryPathInContainer" = tostring(null)
TestTerraformCompleteExample 2022-08-04T19:10:21Z logger.go:66:     "ignoreTrustStoreConfig" = tobool(null)
TestTerraformCompleteExample 2022-08-04T19:10:21Z logger.go:66:     "jksPassword" = {
TestTerraformCompleteExample 2022-08-04T19:10:21Z logger.go:66:       "secretRef" = tostring(null)
TestTerraformCompleteExample 2022-08-04T19:10:21Z logger.go:66:     }
TestTerraformCompleteExample 2022-08-04T19:10:21Z logger.go:66:     "secretRef" = tostring(null)
TestTerraformCompleteExample 2022-08-04T19:10:21Z logger.go:66:   }
TestTerraformCompleteExample 2022-08-04T19:10:21Z logger.go:66: }
TestTerraformCompleteExample 2022-08-04T19:10:21Z logger.go:66: kafka_topic_manifests = {
TestTerraformCompleteExample 2022-08-04T19:10:21Z logger.go:66:   "my-other-topic" = {
TestTerraformCompleteExample 2022-08-04T19:10:21Z logger.go:66:     "apiVersion" = "platform.confluent.io/v1beta1"
TestTerraformCompleteExample 2022-08-04T19:10:21Z logger.go:66:     "kind" = "KafkaTopic"
TestTerraformCompleteExample 2022-08-04T19:10:21Z logger.go:66:     "metadata" = {
TestTerraformCompleteExample 2022-08-04T19:10:21Z logger.go:66:       "name" = "my-other-topic"
TestTerraformCompleteExample 2022-08-04T19:10:21Z logger.go:66:       "namespace" = "confluent"
TestTerraformCompleteExample 2022-08-04T19:10:21Z logger.go:66:     }
TestTerraformCompleteExample 2022-08-04T19:10:21Z logger.go:66:     "spec" = {
TestTerraformCompleteExample 2022-08-04T19:10:21Z logger.go:66:       "configs" = {
TestTerraformCompleteExample 2022-08-04T19:10:21Z logger.go:66:         "cleanup.policy" = "compact"
TestTerraformCompleteExample 2022-08-04T19:10:21Z logger.go:66:       }
TestTerraformCompleteExample 2022-08-04T19:10:21Z logger.go:66:       "partitionCount" = 3
TestTerraformCompleteExample 2022-08-04T19:10:21Z logger.go:66:       "replicas" = 3
TestTerraformCompleteExample 2022-08-04T19:10:21Z logger.go:66:     }
TestTerraformCompleteExample 2022-08-04T19:10:21Z logger.go:66:   }
TestTerraformCompleteExample 2022-08-04T19:10:21Z logger.go:66:   "pageviews" = {
TestTerraformCompleteExample 2022-08-04T19:10:21Z logger.go:66:     "apiVersion" = "platform.confluent.io/v1beta1"
TestTerraformCompleteExample 2022-08-04T19:10:21Z logger.go:66:     "kind" = "KafkaTopic"
TestTerraformCompleteExample 2022-08-04T19:10:21Z logger.go:66:     "metadata" = {
TestTerraformCompleteExample 2022-08-04T19:10:21Z logger.go:66:       "name" = "pageviews"
TestTerraformCompleteExample 2022-08-04T19:10:21Z logger.go:66:       "namespace" = "confluent"
TestTerraformCompleteExample 2022-08-04T19:10:21Z logger.go:66:     }
TestTerraformCompleteExample 2022-08-04T19:10:21Z logger.go:66:     "spec" = {
TestTerraformCompleteExample 2022-08-04T19:10:21Z logger.go:66:       "configs" = {
TestTerraformCompleteExample 2022-08-04T19:10:21Z logger.go:66:         "cleanup.policy" = "delete"
TestTerraformCompleteExample 2022-08-04T19:10:21Z logger.go:66:       }
TestTerraformCompleteExample 2022-08-04T19:10:21Z logger.go:66:       "partitionCount" = 3
TestTerraformCompleteExample 2022-08-04T19:10:21Z logger.go:66:       "replicas" = 3
TestTerraformCompleteExample 2022-08-04T19:10:21Z logger.go:66:     }
TestTerraformCompleteExample 2022-08-04T19:10:21Z logger.go:66:   }
TestTerraformCompleteExample 2022-08-04T19:10:21Z logger.go:66: }
TestTerraformCompleteExample 2022-08-04T19:10:21Z logger.go:66: kafka_topic_object_specs = {
TestTerraformCompleteExample 2022-08-04T19:10:21Z logger.go:66:   "my-other-topic" = {
TestTerraformCompleteExample 2022-08-04T19:10:21Z logger.go:66:     "configs" = tomap({
TestTerraformCompleteExample 2022-08-04T19:10:21Z logger.go:66:       "cleanup.policy" = "compact"
TestTerraformCompleteExample 2022-08-04T19:10:21Z logger.go:66:     })
TestTerraformCompleteExample 2022-08-04T19:10:21Z logger.go:66:     "kafkaClusterRef" = {
TestTerraformCompleteExample 2022-08-04T19:10:21Z logger.go:66:       "name" = tostring(null)
TestTerraformCompleteExample 2022-08-04T19:10:21Z logger.go:66:       "namespace" = tostring(null)
TestTerraformCompleteExample 2022-08-04T19:10:21Z logger.go:66:     }
TestTerraformCompleteExample 2022-08-04T19:10:21Z logger.go:66:     "kafkaRest" = {
TestTerraformCompleteExample 2022-08-04T19:10:21Z logger.go:66:       "authentication" = {
TestTerraformCompleteExample 2022-08-04T19:10:21Z logger.go:66:         "basic" = {
TestTerraformCompleteExample 2022-08-04T19:10:21Z logger.go:66:           "debug" = tobool(null)
TestTerraformCompleteExample 2022-08-04T19:10:21Z logger.go:66:           "directoryPathInContainer" = tostring(null)
TestTerraformCompleteExample 2022-08-04T19:10:21Z logger.go:66:           "restrictedRoles" = tolist(null) /* of string */
TestTerraformCompleteExample 2022-08-04T19:10:21Z logger.go:66:           "roles" = tolist(null) /* of string */
TestTerraformCompleteExample 2022-08-04T19:10:21Z logger.go:66:           "secretRef" = tostring(null)
TestTerraformCompleteExample 2022-08-04T19:10:21Z logger.go:66:         }
TestTerraformCompleteExample 2022-08-04T19:10:21Z logger.go:66:         "bearer" = {
TestTerraformCompleteExample 2022-08-04T19:10:21Z logger.go:66:           "directoryPathInContainer" = tostring(null)
TestTerraformCompleteExample 2022-08-04T19:10:21Z logger.go:66:           "secretRef" = tostring(null)
TestTerraformCompleteExample 2022-08-04T19:10:21Z logger.go:66:         }
TestTerraformCompleteExample 2022-08-04T19:10:21Z logger.go:66:         "type" = tostring(null)
TestTerraformCompleteExample 2022-08-04T19:10:21Z logger.go:66:       }
TestTerraformCompleteExample 2022-08-04T19:10:21Z logger.go:66:       "endpoint" = tostring(null)
TestTerraformCompleteExample 2022-08-04T19:10:21Z logger.go:66:       "kafkaClusterID" = tostring(null)
TestTerraformCompleteExample 2022-08-04T19:10:21Z logger.go:66:       "tls" = {
TestTerraformCompleteExample 2022-08-04T19:10:21Z logger.go:66:         "directoryPathInContainer" = tostring(null)
TestTerraformCompleteExample 2022-08-04T19:10:21Z logger.go:66:         "jksPassword" = {
TestTerraformCompleteExample 2022-08-04T19:10:21Z logger.go:66:           "secretRef" = tostring(null)
TestTerraformCompleteExample 2022-08-04T19:10:21Z logger.go:66:         }
TestTerraformCompleteExample 2022-08-04T19:10:21Z logger.go:66:         "secretRef" = tostring(null)
TestTerraformCompleteExample 2022-08-04T19:10:21Z logger.go:66:       }
TestTerraformCompleteExample 2022-08-04T19:10:21Z logger.go:66:     }
TestTerraformCompleteExample 2022-08-04T19:10:21Z logger.go:66:     "kafkaRestClassRef" = {
TestTerraformCompleteExample 2022-08-04T19:10:21Z logger.go:66:       "name" = tostring(null)
TestTerraformCompleteExample 2022-08-04T19:10:21Z logger.go:66:       "namespace" = tostring(null)
TestTerraformCompleteExample 2022-08-04T19:10:21Z logger.go:66:     }
TestTerraformCompleteExample 2022-08-04T19:10:21Z logger.go:66:     "name" = tostring(null)
TestTerraformCompleteExample 2022-08-04T19:10:21Z logger.go:66:     "partitionCount" = 3
TestTerraformCompleteExample 2022-08-04T19:10:21Z logger.go:66:     "replicas" = 3
TestTerraformCompleteExample 2022-08-04T19:10:21Z logger.go:66:   }
TestTerraformCompleteExample 2022-08-04T19:10:21Z logger.go:66:   "pageviews" = {
TestTerraformCompleteExample 2022-08-04T19:10:21Z logger.go:66:     "configs" = tomap({
TestTerraformCompleteExample 2022-08-04T19:10:21Z logger.go:66:       "cleanup.policy" = "delete"
TestTerraformCompleteExample 2022-08-04T19:10:21Z logger.go:66:     })
TestTerraformCompleteExample 2022-08-04T19:10:21Z logger.go:66:     "kafkaClusterRef" = {
TestTerraformCompleteExample 2022-08-04T19:10:21Z logger.go:66:       "name" = tostring(null)
TestTerraformCompleteExample 2022-08-04T19:10:21Z logger.go:66:       "namespace" = tostring(null)
TestTerraformCompleteExample 2022-08-04T19:10:21Z logger.go:66:     }
TestTerraformCompleteExample 2022-08-04T19:10:21Z logger.go:66:     "kafkaRest" = {
TestTerraformCompleteExample 2022-08-04T19:10:21Z logger.go:66:       "authentication" = {
TestTerraformCompleteExample 2022-08-04T19:10:21Z logger.go:66:         "basic" = {
TestTerraformCompleteExample 2022-08-04T19:10:21Z logger.go:66:           "debug" = tobool(null)
TestTerraformCompleteExample 2022-08-04T19:10:21Z logger.go:66:           "directoryPathInContainer" = tostring(null)
TestTerraformCompleteExample 2022-08-04T19:10:21Z logger.go:66:           "restrictedRoles" = tolist(null) /* of string */
TestTerraformCompleteExample 2022-08-04T19:10:21Z logger.go:66:           "roles" = tolist(null) /* of string */
TestTerraformCompleteExample 2022-08-04T19:10:21Z logger.go:66:           "secretRef" = tostring(null)
TestTerraformCompleteExample 2022-08-04T19:10:21Z logger.go:66:         }
TestTerraformCompleteExample 2022-08-04T19:10:21Z logger.go:66:         "bearer" = {
TestTerraformCompleteExample 2022-08-04T19:10:21Z logger.go:66:           "directoryPathInContainer" = tostring(null)
TestTerraformCompleteExample 2022-08-04T19:10:21Z logger.go:66:           "secretRef" = tostring(null)
TestTerraformCompleteExample 2022-08-04T19:10:21Z logger.go:66:         }
TestTerraformCompleteExample 2022-08-04T19:10:21Z logger.go:66:         "type" = tostring(null)
TestTerraformCompleteExample 2022-08-04T19:10:21Z logger.go:66:       }
TestTerraformCompleteExample 2022-08-04T19:10:21Z logger.go:66:       "endpoint" = tostring(null)
TestTerraformCompleteExample 2022-08-04T19:10:21Z logger.go:66:       "kafkaClusterID" = tostring(null)
TestTerraformCompleteExample 2022-08-04T19:10:21Z logger.go:66:       "tls" = {
TestTerraformCompleteExample 2022-08-04T19:10:21Z logger.go:66:         "directoryPathInContainer" = tostring(null)
TestTerraformCompleteExample 2022-08-04T19:10:21Z logger.go:66:         "jksPassword" = {
TestTerraformCompleteExample 2022-08-04T19:10:21Z logger.go:66:           "secretRef" = tostring(null)
TestTerraformCompleteExample 2022-08-04T19:10:21Z logger.go:66:         }
TestTerraformCompleteExample 2022-08-04T19:10:21Z logger.go:66:         "secretRef" = tostring(null)
TestTerraformCompleteExample 2022-08-04T19:10:21Z logger.go:66:       }
TestTerraformCompleteExample 2022-08-04T19:10:21Z logger.go:66:     }
TestTerraformCompleteExample 2022-08-04T19:10:21Z logger.go:66:     "kafkaRestClassRef" = {
TestTerraformCompleteExample 2022-08-04T19:10:21Z logger.go:66:       "name" = tostring(null)
TestTerraformCompleteExample 2022-08-04T19:10:21Z logger.go:66:       "namespace" = tostring(null)
TestTerraformCompleteExample 2022-08-04T19:10:21Z logger.go:66:     }
TestTerraformCompleteExample 2022-08-04T19:10:21Z logger.go:66:     "name" = tostring(null)
TestTerraformCompleteExample 2022-08-04T19:10:21Z logger.go:66:     "partitionCount" = 3
TestTerraformCompleteExample 2022-08-04T19:10:21Z logger.go:66:     "replicas" = 3
TestTerraformCompleteExample 2022-08-04T19:10:21Z logger.go:66:   }
TestTerraformCompleteExample 2022-08-04T19:10:21Z logger.go:66: }
TestTerraformCompleteExample 2022-08-04T19:10:21Z logger.go:66: namespace = "confluent"
TestTerraformCompleteExample 2022-08-04T19:10:21Z logger.go:66: schema_config_map_data = {
TestTerraformCompleteExample 2022-08-04T19:10:21Z logger.go:66:   "pageviews-value" = tomap({
TestTerraformCompleteExample 2022-08-04T19:10:21Z logger.go:66:     "schema" = <<-EOT
TestTerraformCompleteExample 2022-08-04T19:10:21Z logger.go:66:     {
TestTerraformCompleteExample 2022-08-04T19:10:21Z logger.go:66:         "connect.name": "ksql.pageviews",
TestTerraformCompleteExample 2022-08-04T19:10:21Z logger.go:66:         "fields": [
TestTerraformCompleteExample 2022-08-04T19:10:21Z logger.go:66:             {
TestTerraformCompleteExample 2022-08-04T19:10:21Z logger.go:66:                 "name": "viewtime",
TestTerraformCompleteExample 2022-08-04T19:10:21Z logger.go:66:                 "type": "long"
TestTerraformCompleteExample 2022-08-04T19:10:21Z logger.go:66:             },
TestTerraformCompleteExample 2022-08-04T19:10:21Z logger.go:66:             {
TestTerraformCompleteExample 2022-08-04T19:10:21Z logger.go:66:                 "name": "userid",
TestTerraformCompleteExample 2022-08-04T19:10:21Z logger.go:66:                 "type": "string"
TestTerraformCompleteExample 2022-08-04T19:10:21Z logger.go:66:             },
TestTerraformCompleteExample 2022-08-04T19:10:21Z logger.go:66:             {
TestTerraformCompleteExample 2022-08-04T19:10:21Z logger.go:66:                 "name": "pageid",
TestTerraformCompleteExample 2022-08-04T19:10:21Z logger.go:66:                 "type": "string"
TestTerraformCompleteExample 2022-08-04T19:10:21Z logger.go:66:             }
TestTerraformCompleteExample 2022-08-04T19:10:21Z logger.go:66:         ],
TestTerraformCompleteExample 2022-08-04T19:10:21Z logger.go:66:         "name": "pageviews",
TestTerraformCompleteExample 2022-08-04T19:10:21Z logger.go:66:         "namespace": "ksql",
TestTerraformCompleteExample 2022-08-04T19:10:21Z logger.go:66:         "type": "record"
TestTerraformCompleteExample 2022-08-04T19:10:21Z logger.go:66:     }
TestTerraformCompleteExample 2022-08-04T19:10:21Z logger.go:66:
TestTerraformCompleteExample 2022-08-04T19:10:21Z logger.go:66:     EOT
TestTerraformCompleteExample 2022-08-04T19:10:21Z logger.go:66:   })
TestTerraformCompleteExample 2022-08-04T19:10:21Z logger.go:66: }
TestTerraformCompleteExample 2022-08-04T19:10:21Z logger.go:66: schema_manifests = {
TestTerraformCompleteExample 2022-08-04T19:10:21Z logger.go:66:   "pageviews-value" = {
TestTerraformCompleteExample 2022-08-04T19:10:21Z logger.go:66:     "apiVersion" = "platform.confluent.io/v1beta1"
TestTerraformCompleteExample 2022-08-04T19:10:21Z logger.go:66:     "kind" = "Schema"
TestTerraformCompleteExample 2022-08-04T19:10:21Z logger.go:66:     "metadata" = {
TestTerraformCompleteExample 2022-08-04T19:10:21Z logger.go:66:       "name" = "pageviews-value"
TestTerraformCompleteExample 2022-08-04T19:10:21Z logger.go:66:       "namespace" = "confluent"
TestTerraformCompleteExample 2022-08-04T19:10:21Z logger.go:66:     }
TestTerraformCompleteExample 2022-08-04T19:10:21Z logger.go:66:     "spec" = {
TestTerraformCompleteExample 2022-08-04T19:10:21Z logger.go:66:       "data" = {
TestTerraformCompleteExample 2022-08-04T19:10:21Z logger.go:66:         "configRef" = "pageviews-value-config"
TestTerraformCompleteExample 2022-08-04T19:10:21Z logger.go:66:         "format" = "avro"
TestTerraformCompleteExample 2022-08-04T19:10:21Z logger.go:66:       }
TestTerraformCompleteExample 2022-08-04T19:10:21Z logger.go:66:     }
TestTerraformCompleteExample 2022-08-04T19:10:21Z logger.go:66:   }
TestTerraformCompleteExample 2022-08-04T19:10:21Z logger.go:66: }
TestTerraformCompleteExample 2022-08-04T19:10:21Z logger.go:66: schema_object_specs = {
TestTerraformCompleteExample 2022-08-04T19:10:21Z logger.go:66:   "pageviews-value" = {
TestTerraformCompleteExample 2022-08-04T19:10:21Z logger.go:66:     "compatibilityLevel" = tostring(null)
TestTerraformCompleteExample 2022-08-04T19:10:21Z logger.go:66:     "data" = {
TestTerraformCompleteExample 2022-08-04T19:10:21Z logger.go:66:       "configRef" = "pageviews-value-config"
TestTerraformCompleteExample 2022-08-04T19:10:21Z logger.go:66:       "format" = "avro"
TestTerraformCompleteExample 2022-08-04T19:10:21Z logger.go:66:     }
TestTerraformCompleteExample 2022-08-04T19:10:21Z logger.go:66:     "name" = tostring(null)
TestTerraformCompleteExample 2022-08-04T19:10:21Z logger.go:66:     "schemaReferences" = tolist(null) /* of object */
TestTerraformCompleteExample 2022-08-04T19:10:21Z logger.go:66:     "schemaRegistryClusterRef" = {
TestTerraformCompleteExample 2022-08-04T19:10:21Z logger.go:66:       "name" = tostring(null)
TestTerraformCompleteExample 2022-08-04T19:10:21Z logger.go:66:       "namespace" = tostring(null)
TestTerraformCompleteExample 2022-08-04T19:10:21Z logger.go:66:     }
TestTerraformCompleteExample 2022-08-04T19:10:21Z logger.go:66:     "schemaRegistryRest" = {
TestTerraformCompleteExample 2022-08-04T19:10:21Z logger.go:66:       "authentication" = {
TestTerraformCompleteExample 2022-08-04T19:10:21Z logger.go:66:         "basic" = {
TestTerraformCompleteExample 2022-08-04T19:10:21Z logger.go:66:           "debug" = tobool(null)
TestTerraformCompleteExample 2022-08-04T19:10:21Z logger.go:66:           "directoryPathInContainer" = tostring(null)
TestTerraformCompleteExample 2022-08-04T19:10:21Z logger.go:66:           "restrictedRoles" = tolist(null) /* of string */
TestTerraformCompleteExample 2022-08-04T19:10:21Z logger.go:66:           "roles" = tolist(null) /* of string */
TestTerraformCompleteExample 2022-08-04T19:10:21Z logger.go:66:           "secretRef" = tostring(null)
TestTerraformCompleteExample 2022-08-04T19:10:21Z logger.go:66:         }
TestTerraformCompleteExample 2022-08-04T19:10:21Z logger.go:66:         "bearer" = {
TestTerraformCompleteExample 2022-08-04T19:10:21Z logger.go:66:           "directoryPathInContainer" = tostring(null)
TestTerraformCompleteExample 2022-08-04T19:10:21Z logger.go:66:           "secretRef" = tostring(null)
TestTerraformCompleteExample 2022-08-04T19:10:21Z logger.go:66:         }
TestTerraformCompleteExample 2022-08-04T19:10:21Z logger.go:66:         "type" = tostring(null)
TestTerraformCompleteExample 2022-08-04T19:10:21Z logger.go:66:       }
TestTerraformCompleteExample 2022-08-04T19:10:21Z logger.go:66:       "endpoint" = tostring(null)
TestTerraformCompleteExample 2022-08-04T19:10:21Z logger.go:66:       "kafkaClusterID" = tostring(null)
TestTerraformCompleteExample 2022-08-04T19:10:21Z logger.go:66:       "tls" = {
TestTerraformCompleteExample 2022-08-04T19:10:21Z logger.go:66:         "directoryPathInContainer" = tostring(null)
TestTerraformCompleteExample 2022-08-04T19:10:21Z logger.go:66:         "jksPassword" = {
TestTerraformCompleteExample 2022-08-04T19:10:21Z logger.go:66:           "secretRef" = tostring(null)
TestTerraformCompleteExample 2022-08-04T19:10:21Z logger.go:66:         }
TestTerraformCompleteExample 2022-08-04T19:10:21Z logger.go:66:         "secretRef" = tostring(null)
TestTerraformCompleteExample 2022-08-04T19:10:21Z logger.go:66:       }
TestTerraformCompleteExample 2022-08-04T19:10:21Z logger.go:66:     }
TestTerraformCompleteExample 2022-08-04T19:10:21Z logger.go:66:   }
TestTerraformCompleteExample 2022-08-04T19:10:21Z logger.go:66: }
TestTerraformCompleteExample 2022-08-04T19:10:21Z logger.go:66: zookeeper_manifest = {
TestTerraformCompleteExample 2022-08-04T19:10:21Z logger.go:66:   "apiVersion" = "platform.confluent.io/v1beta1"
TestTerraformCompleteExample 2022-08-04T19:10:21Z logger.go:66:   "kind" = "Zookeeper"
TestTerraformCompleteExample 2022-08-04T19:10:21Z logger.go:66:   "metadata" = {
TestTerraformCompleteExample 2022-08-04T19:10:21Z logger.go:66:     "name" = "zookeeper"
TestTerraformCompleteExample 2022-08-04T19:10:21Z logger.go:66:     "namespace" = "confluent"
TestTerraformCompleteExample 2022-08-04T19:10:21Z logger.go:66:   }
TestTerraformCompleteExample 2022-08-04T19:10:21Z logger.go:66:   "spec" = {
TestTerraformCompleteExample 2022-08-04T19:10:21Z logger.go:66:     "dataVolumeCapacity" = "10Gi"
TestTerraformCompleteExample 2022-08-04T19:10:21Z logger.go:66:     "image" = {
TestTerraformCompleteExample 2022-08-04T19:10:21Z logger.go:66:       "application" = "confluentinc/cp-zookeeper:7.2.0"
TestTerraformCompleteExample 2022-08-04T19:10:21Z logger.go:66:       "init" = "confluentinc/confluent-init-container:2.4.0"
TestTerraformCompleteExample 2022-08-04T19:10:21Z logger.go:66:     }
TestTerraformCompleteExample 2022-08-04T19:10:21Z logger.go:66:     "logVolumeCapacity" = "10Gi"
TestTerraformCompleteExample 2022-08-04T19:10:21Z logger.go:66:     "replicas" = "3"
TestTerraformCompleteExample 2022-08-04T19:10:21Z logger.go:66:   }
TestTerraformCompleteExample 2022-08-04T19:10:21Z logger.go:66: }
TestTerraformCompleteExample 2022-08-04T19:10:21Z logger.go:66: zookeeper_object_spec = {
TestTerraformCompleteExample 2022-08-04T19:10:21Z logger.go:66:   "authentication" = {
TestTerraformCompleteExample 2022-08-04T19:10:21Z logger.go:66:     "jaasConfig" = {
TestTerraformCompleteExample 2022-08-04T19:10:21Z logger.go:66:       "secretRef" = tostring(null)
TestTerraformCompleteExample 2022-08-04T19:10:21Z logger.go:66:     }
TestTerraformCompleteExample 2022-08-04T19:10:21Z logger.go:66:     "jaasConfigPassThrough" = {
TestTerraformCompleteExample 2022-08-04T19:10:21Z logger.go:66:       "directoryPathInContainer" = tostring(null)
TestTerraformCompleteExample 2022-08-04T19:10:21Z logger.go:66:       "secretRef" = tostring(null)
TestTerraformCompleteExample 2022-08-04T19:10:21Z logger.go:66:     }
TestTerraformCompleteExample 2022-08-04T19:10:21Z logger.go:66:     "principalMappingRules" = tolist(null) /* of string */
TestTerraformCompleteExample 2022-08-04T19:10:21Z logger.go:66:     "type" = tostring(null)
TestTerraformCompleteExample 2022-08-04T19:10:21Z logger.go:66:   }
TestTerraformCompleteExample 2022-08-04T19:10:21Z logger.go:66:   "configOverrides" = {
TestTerraformCompleteExample 2022-08-04T19:10:21Z logger.go:66:     "jvm" = tolist(null) /* of string */
TestTerraformCompleteExample 2022-08-04T19:10:21Z logger.go:66:     "log4j" = tolist(null) /* of string */
TestTerraformCompleteExample 2022-08-04T19:10:21Z logger.go:66:     "peers" = tolist(null) /* of string */
TestTerraformCompleteExample 2022-08-04T19:10:21Z logger.go:66:     "server" = tolist(null) /* of string */
TestTerraformCompleteExample 2022-08-04T19:10:21Z logger.go:66:   }
TestTerraformCompleteExample 2022-08-04T19:10:21Z logger.go:66:   "dataVolumeCapacity" = "10Gi"
TestTerraformCompleteExample 2022-08-04T19:10:21Z logger.go:66:   "headlessService" = {
TestTerraformCompleteExample 2022-08-04T19:10:21Z logger.go:66:     "annotations" = tomap(null) /* of string */
TestTerraformCompleteExample 2022-08-04T19:10:21Z logger.go:66:     "labels" = tomap(null) /* of string */
TestTerraformCompleteExample 2022-08-04T19:10:21Z logger.go:66:     "publishNotReadyAddresses" = tobool(null)
TestTerraformCompleteExample 2022-08-04T19:10:21Z logger.go:66:   }
TestTerraformCompleteExample 2022-08-04T19:10:21Z logger.go:66:   "image" = {
TestTerraformCompleteExample 2022-08-04T19:10:21Z logger.go:66:     "application" = "confluentinc/cp-zookeeper:7.2.0"
TestTerraformCompleteExample 2022-08-04T19:10:21Z logger.go:66:     "init" = "confluentinc/confluent-init-container:2.4.0"
TestTerraformCompleteExample 2022-08-04T19:10:21Z logger.go:66:     "pullPolicy" = tostring(null)
TestTerraformCompleteExample 2022-08-04T19:10:21Z logger.go:66:     "pullSecretRef" = tolist(null) /* of string */
TestTerraformCompleteExample 2022-08-04T19:10:21Z logger.go:66:   }
TestTerraformCompleteExample 2022-08-04T19:10:21Z logger.go:66:   "injectAnnotations" = tomap(null) /* of string */
TestTerraformCompleteExample 2022-08-04T19:10:21Z logger.go:66:   "injectLabels" = tomap(null) /* of string */
TestTerraformCompleteExample 2022-08-04T19:10:21Z logger.go:66:   "k8sClusterDomain" = tostring(null)
TestTerraformCompleteExample 2022-08-04T19:10:21Z logger.go:66:   "license" = {
TestTerraformCompleteExample 2022-08-04T19:10:21Z logger.go:66:     "directoryPathInContainer" = tostring(null)
TestTerraformCompleteExample 2022-08-04T19:10:21Z logger.go:66:     "globalLicense" = tobool(null)
TestTerraformCompleteExample 2022-08-04T19:10:21Z logger.go:66:     "secretRef" = tostring(null)
TestTerraformCompleteExample 2022-08-04T19:10:21Z logger.go:66:   }
TestTerraformCompleteExample 2022-08-04T19:10:21Z logger.go:66:   "logVolumeCapacity" = "10Gi"
TestTerraformCompleteExample 2022-08-04T19:10:21Z logger.go:66:   "metrics" = {
TestTerraformCompleteExample 2022-08-04T19:10:21Z logger.go:66:     "authentication" = {
TestTerraformCompleteExample 2022-08-04T19:10:21Z logger.go:66:       "type" = tostring(null)
TestTerraformCompleteExample 2022-08-04T19:10:21Z logger.go:66:     }
TestTerraformCompleteExample 2022-08-04T19:10:21Z logger.go:66:     "prometheus" = {
TestTerraformCompleteExample 2022-08-04T19:10:21Z logger.go:66:       "blacklist" = tolist(null) /* of string */
TestTerraformCompleteExample 2022-08-04T19:10:21Z logger.go:66:       "rules" = tolist(null) /* of object */
TestTerraformCompleteExample 2022-08-04T19:10:21Z logger.go:66:       "whitelist" = tolist(null) /* of string */
TestTerraformCompleteExample 2022-08-04T19:10:21Z logger.go:66:     }
TestTerraformCompleteExample 2022-08-04T19:10:21Z logger.go:66:     "tls" = {
TestTerraformCompleteExample 2022-08-04T19:10:21Z logger.go:66:       "directoryPathInContainer" = tostring(null)
TestTerraformCompleteExample 2022-08-04T19:10:21Z logger.go:66:       "enabled" = tobool(null)
TestTerraformCompleteExample 2022-08-04T19:10:21Z logger.go:66:       "ignoreTrustStoreConfig" = tobool(null)
TestTerraformCompleteExample 2022-08-04T19:10:21Z logger.go:66:       "jksPassword" = {
TestTerraformCompleteExample 2022-08-04T19:10:21Z logger.go:66:         "secretRef" = tostring(null)
TestTerraformCompleteExample 2022-08-04T19:10:21Z logger.go:66:       }
TestTerraformCompleteExample 2022-08-04T19:10:21Z logger.go:66:       "secretRef" = tostring(null)
TestTerraformCompleteExample 2022-08-04T19:10:21Z logger.go:66:     }
TestTerraformCompleteExample 2022-08-04T19:10:21Z logger.go:66:   }
TestTerraformCompleteExample 2022-08-04T19:10:21Z logger.go:66:   "mountedSecrets" = tolist(null) /* of object */
TestTerraformCompleteExample 2022-08-04T19:10:21Z logger.go:66:   "mountedVolumes" = {
TestTerraformCompleteExample 2022-08-04T19:10:21Z logger.go:66:     "volumeMounts" = tolist(null) /* of object */
TestTerraformCompleteExample 2022-08-04T19:10:21Z logger.go:66:     "volumes" = null /* tuple */
TestTerraformCompleteExample 2022-08-04T19:10:21Z logger.go:66:   }
TestTerraformCompleteExample 2022-08-04T19:10:21Z logger.go:66:   "oneReplicaPerNode" = tobool(null)
TestTerraformCompleteExample 2022-08-04T19:10:21Z logger.go:66:   "podTemplate" = {
TestTerraformCompleteExample 2022-08-04T19:10:21Z logger.go:66:     "affinity" = {
TestTerraformCompleteExample 2022-08-04T19:10:21Z logger.go:66:       "nodeAffinity" = {
TestTerraformCompleteExample 2022-08-04T19:10:21Z logger.go:66:         "preferredDuringSchedulingIgnoredDuringExecution" = tolist(null) /* of object */
TestTerraformCompleteExample 2022-08-04T19:10:21Z logger.go:66:         "requiredDuringSchedulingIgnoredDuringExecution" = {
TestTerraformCompleteExample 2022-08-04T19:10:21Z logger.go:66:           "nodeSelectorTerms" = tolist(null) /* of object */
TestTerraformCompleteExample 2022-08-04T19:10:21Z logger.go:66:         }
TestTerraformCompleteExample 2022-08-04T19:10:21Z logger.go:66:       }
TestTerraformCompleteExample 2022-08-04T19:10:21Z logger.go:66:       "podAffinity" = {
TestTerraformCompleteExample 2022-08-04T19:10:21Z logger.go:66:         "preferredDuringSchedulingIgnoredDuringExecution" = tolist(null) /* of object */
TestTerraformCompleteExample 2022-08-04T19:10:21Z logger.go:66:         "requiredDuringSchedulingIgnoredDuringExecution" = tolist(null) /* of object */
TestTerraformCompleteExample 2022-08-04T19:10:21Z logger.go:66:       }
TestTerraformCompleteExample 2022-08-04T19:10:21Z logger.go:66:       "podAntiAffinity" = {
TestTerraformCompleteExample 2022-08-04T19:10:21Z logger.go:66:         "preferredDuringSchedulingIgnoredDuringExecution" = tolist(null) /* of object */
TestTerraformCompleteExample 2022-08-04T19:10:21Z logger.go:66:         "requiredDuringSchedulingIgnoredDuringExecution" = tolist(null) /* of object */
TestTerraformCompleteExample 2022-08-04T19:10:21Z logger.go:66:       }
TestTerraformCompleteExample 2022-08-04T19:10:21Z logger.go:66:     }
TestTerraformCompleteExample 2022-08-04T19:10:21Z logger.go:66:     "annotations" = tomap(null) /* of string */
TestTerraformCompleteExample 2022-08-04T19:10:21Z logger.go:66:     "envVars" = tolist(null) /* of object */
TestTerraformCompleteExample 2022-08-04T19:10:21Z logger.go:66:     "labels" = tomap(null) /* of string */
TestTerraformCompleteExample 2022-08-04T19:10:21Z logger.go:66:     "podSecurityContext" = {
TestTerraformCompleteExample 2022-08-04T19:10:21Z logger.go:66:       "fsGroup" = tonumber(null)
TestTerraformCompleteExample 2022-08-04T19:10:21Z logger.go:66:       "fsGroupChangePolicy" = tostring(null)
TestTerraformCompleteExample 2022-08-04T19:10:21Z logger.go:66:       "runAsGroup" = tonumber(null)
TestTerraformCompleteExample 2022-08-04T19:10:21Z logger.go:66:       "runAsNonRoot" = tobool(null)
TestTerraformCompleteExample 2022-08-04T19:10:21Z logger.go:66:       "runAsUser" = tonumber(null)
TestTerraformCompleteExample 2022-08-04T19:10:21Z logger.go:66:       "seLinuxOptions" = {
TestTerraformCompleteExample 2022-08-04T19:10:21Z logger.go:66:         "level" = tostring(null)
TestTerraformCompleteExample 2022-08-04T19:10:21Z logger.go:66:         "role" = tostring(null)
TestTerraformCompleteExample 2022-08-04T19:10:21Z logger.go:66:         "type" = tostring(null)
TestTerraformCompleteExample 2022-08-04T19:10:21Z logger.go:66:         "user" = tostring(null)
TestTerraformCompleteExample 2022-08-04T19:10:21Z logger.go:66:       }
TestTerraformCompleteExample 2022-08-04T19:10:21Z logger.go:66:       "seccompProfile" = {
TestTerraformCompleteExample 2022-08-04T19:10:21Z logger.go:66:         "localhostProfile" = tostring(null)
TestTerraformCompleteExample 2022-08-04T19:10:21Z logger.go:66:         "type" = tostring(null)
TestTerraformCompleteExample 2022-08-04T19:10:21Z logger.go:66:       }
TestTerraformCompleteExample 2022-08-04T19:10:21Z logger.go:66:       "supplementalGroups" = tolist(null) /* of number */
TestTerraformCompleteExample 2022-08-04T19:10:21Z logger.go:66:       "sysctls" = tolist(null) /* of object */
TestTerraformCompleteExample 2022-08-04T19:10:21Z logger.go:66:       "windowsOptions" = {
TestTerraformCompleteExample 2022-08-04T19:10:21Z logger.go:66:         "gmsaCredentialSpec" = tostring(null)
TestTerraformCompleteExample 2022-08-04T19:10:21Z logger.go:66:         "gmsaCredentialSpecName" = tostring(null)
TestTerraformCompleteExample 2022-08-04T19:10:21Z logger.go:66:         "hostProcess" = tobool(null)
TestTerraformCompleteExample 2022-08-04T19:10:21Z logger.go:66:         "runAsUserName" = tostring(null)
TestTerraformCompleteExample 2022-08-04T19:10:21Z logger.go:66:       }
TestTerraformCompleteExample 2022-08-04T19:10:21Z logger.go:66:     }
TestTerraformCompleteExample 2022-08-04T19:10:21Z logger.go:66:     "priorityClassName" = tostring(null)
TestTerraformCompleteExample 2022-08-04T19:10:21Z logger.go:66:     "probe" = {
TestTerraformCompleteExample 2022-08-04T19:10:21Z logger.go:66:       "liveness" = {
TestTerraformCompleteExample 2022-08-04T19:10:21Z logger.go:66:         "failureThreshold" = tonumber(null)
TestTerraformCompleteExample 2022-08-04T19:10:21Z logger.go:66:         "initialDelaySeconds" = tonumber(null)
TestTerraformCompleteExample 2022-08-04T19:10:21Z logger.go:66:         "periodSeconds" = tonumber(null)
TestTerraformCompleteExample 2022-08-04T19:10:21Z logger.go:66:         "successThreshold" = tonumber(null)
TestTerraformCompleteExample 2022-08-04T19:10:21Z logger.go:66:         "timeoutSeconds" = tonumber(null)
TestTerraformCompleteExample 2022-08-04T19:10:21Z logger.go:66:       }
TestTerraformCompleteExample 2022-08-04T19:10:21Z logger.go:66:       "readiness" = {
TestTerraformCompleteExample 2022-08-04T19:10:21Z logger.go:66:         "failureThreshold" = tonumber(null)
TestTerraformCompleteExample 2022-08-04T19:10:21Z logger.go:66:         "initialDelaySeconds" = tonumber(null)
TestTerraformCompleteExample 2022-08-04T19:10:21Z logger.go:66:         "periodSeconds" = tonumber(null)
TestTerraformCompleteExample 2022-08-04T19:10:21Z logger.go:66:         "successThreshold" = tonumber(null)
TestTerraformCompleteExample 2022-08-04T19:10:21Z logger.go:66:         "timeoutSeconds" = tonumber(null)
TestTerraformCompleteExample 2022-08-04T19:10:21Z logger.go:66:       }
TestTerraformCompleteExample 2022-08-04T19:10:21Z logger.go:66:     }
TestTerraformCompleteExample 2022-08-04T19:10:21Z logger.go:66:     "resources" = {
TestTerraformCompleteExample 2022-08-04T19:10:21Z logger.go:66:       "limits" = tomap(null) /* of string */
TestTerraformCompleteExample 2022-08-04T19:10:21Z logger.go:66:       "requests" = tomap(null) /* of string */
TestTerraformCompleteExample 2022-08-04T19:10:21Z logger.go:66:     }
TestTerraformCompleteExample 2022-08-04T19:10:21Z logger.go:66:     "securityContext" = {
TestTerraformCompleteExample 2022-08-04T19:10:21Z logger.go:66:       "allowPrivilegeEscalation" = tobool(null)
TestTerraformCompleteExample 2022-08-04T19:10:21Z logger.go:66:       "capabilities" = {
TestTerraformCompleteExample 2022-08-04T19:10:21Z logger.go:66:         "add" = tolist(null) /* of string */
TestTerraformCompleteExample 2022-08-04T19:10:21Z logger.go:66:         "drop" = tolist(null) /* of string */
TestTerraformCompleteExample 2022-08-04T19:10:21Z logger.go:66:       }
TestTerraformCompleteExample 2022-08-04T19:10:21Z logger.go:66:       "privileged" = tobool(null)
TestTerraformCompleteExample 2022-08-04T19:10:21Z logger.go:66:       "procMount" = tostring(null)
TestTerraformCompleteExample 2022-08-04T19:10:21Z logger.go:66:       "readOnlyRootFilesystem" = tobool(null)
TestTerraformCompleteExample 2022-08-04T19:10:21Z logger.go:66:       "runAsGroup" = tonumber(null)
TestTerraformCompleteExample 2022-08-04T19:10:21Z logger.go:66:       "runAsNonRoot" = tobool(null)
TestTerraformCompleteExample 2022-08-04T19:10:21Z logger.go:66:       "runAsUser" = tonumber(null)
TestTerraformCompleteExample 2022-08-04T19:10:21Z logger.go:66:       "seLinuxOptions" = {
TestTerraformCompleteExample 2022-08-04T19:10:21Z logger.go:66:         "level" = tostring(null)
TestTerraformCompleteExample 2022-08-04T19:10:21Z logger.go:66:         "role" = tostring(null)
TestTerraformCompleteExample 2022-08-04T19:10:21Z logger.go:66:         "type" = tostring(null)
TestTerraformCompleteExample 2022-08-04T19:10:21Z logger.go:66:         "user" = tostring(null)
TestTerraformCompleteExample 2022-08-04T19:10:21Z logger.go:66:       }
TestTerraformCompleteExample 2022-08-04T19:10:21Z logger.go:66:       "seccompProfile" = {
TestTerraformCompleteExample 2022-08-04T19:10:21Z logger.go:66:         "localhostProfile" = tostring(null)
TestTerraformCompleteExample 2022-08-04T19:10:21Z logger.go:66:         "type" = tostring(null)
TestTerraformCompleteExample 2022-08-04T19:10:21Z logger.go:66:       }
TestTerraformCompleteExample 2022-08-04T19:10:21Z logger.go:66:       "windowsOptions" = {
TestTerraformCompleteExample 2022-08-04T19:10:21Z logger.go:66:         "gmsaCredentialSpec" = tostring(null)
TestTerraformCompleteExample 2022-08-04T19:10:21Z logger.go:66:         "gmsaCredentialSpecName" = tostring(null)
TestTerraformCompleteExample 2022-08-04T19:10:21Z logger.go:66:         "hostProcess" = tobool(null)
TestTerraformCompleteExample 2022-08-04T19:10:21Z logger.go:66:         "runAsUserName" = tostring(null)
TestTerraformCompleteExample 2022-08-04T19:10:21Z logger.go:66:       }
TestTerraformCompleteExample 2022-08-04T19:10:21Z logger.go:66:     }
TestTerraformCompleteExample 2022-08-04T19:10:21Z logger.go:66:     "serviceAccountName" = tostring(null)
TestTerraformCompleteExample 2022-08-04T19:10:21Z logger.go:66:     "terminationGracePeriodSeconds" = tonumber(null)
TestTerraformCompleteExample 2022-08-04T19:10:21Z logger.go:66:     "tolerations" = tolist(null) /* of object */
TestTerraformCompleteExample 2022-08-04T19:10:21Z logger.go:66:     "topologySpreadConstraints" = tolist(null) /* of object */
TestTerraformCompleteExample 2022-08-04T19:10:21Z logger.go:66:   }
TestTerraformCompleteExample 2022-08-04T19:10:21Z logger.go:66:   "replicas" = 3
TestTerraformCompleteExample 2022-08-04T19:10:21Z logger.go:66:   "storageClass" = {
TestTerraformCompleteExample 2022-08-04T19:10:21Z logger.go:66:     "name" = tostring(null)
TestTerraformCompleteExample 2022-08-04T19:10:21Z logger.go:66:   }
TestTerraformCompleteExample 2022-08-04T19:10:21Z logger.go:66:   "tls" = {
TestTerraformCompleteExample 2022-08-04T19:10:21Z logger.go:66:     "autoGeneratedCerts" = tobool(null)
TestTerraformCompleteExample 2022-08-04T19:10:21Z logger.go:66:     "directoryPathInContainer" = tostring(null)
TestTerraformCompleteExample 2022-08-04T19:10:21Z logger.go:66:     "ignoreTrustStoreConfig" = tobool(null)
TestTerraformCompleteExample 2022-08-04T19:10:21Z logger.go:66:     "jksPassword" = {
TestTerraformCompleteExample 2022-08-04T19:10:21Z logger.go:66:       "secretRef" = tostring(null)
TestTerraformCompleteExample 2022-08-04T19:10:21Z logger.go:66:     }
TestTerraformCompleteExample 2022-08-04T19:10:21Z logger.go:66:     "secretRef" = tostring(null)
TestTerraformCompleteExample 2022-08-04T19:10:21Z logger.go:66:   }
TestTerraformCompleteExample 2022-08-04T19:10:21Z logger.go:66: }
TestTerraformCompleteExample 2022-08-04T19:10:21Z retry.go:91: terraform [output -no-color -json confluent_operator]
TestTerraformCompleteExample 2022-08-04T19:10:21Z logger.go:66: Running command terraform with args [output -no-color -json confluent_operator]
TestTerraformCompleteExample 2022-08-04T19:10:23Z logger.go:66: {"app_version":"2.4.0","chart_version":"0.517.12","namespace":"confluent"}
TestTerraformCompleteExample 2022-08-04T19:10:23Z retry.go:91: terraform [output -no-color -json zookeeper_manifest]
TestTerraformCompleteExample 2022-08-04T19:10:23Z logger.go:66: Running command terraform with args [output -no-color -json zookeeper_manifest]
TestTerraformCompleteExample 2022-08-04T19:10:24Z logger.go:66: {"apiVersion":"platform.confluent.io/v1beta1","kind":"Zookeeper","metadata":{"name":"zookeeper","namespace":"confluent"},"spec":{"dataVolumeCapacity":"10Gi","image":{"application":"confluentinc/cp-zookeeper:7.2.0","init":"confluentinc/confluent-init-container:2.4.0"},"logVolumeCapacity":"10Gi","replicas":"3"}}
TestTerraformCompleteExample 2022-08-04T19:10:24Z retry.go:91: terraform [output -no-color -json zookeeper_object_spec]
TestTerraformCompleteExample 2022-08-04T19:10:24Z logger.go:66: Running command terraform with args [output -no-color -json zookeeper_object_spec]
TestTerraformCompleteExample 2022-08-04T19:10:24Z logger.go:66: {"authentication":{"jaasConfig":{"secretRef":null},"jaasConfigPassThrough":{"directoryPathInContainer":null,"secretRef":null},"principalMappingRules":null,"type":null},"configOverrides":{"jvm":null,"log4j":null,"peers":null,"server":null},"dataVolumeCapacity":"10Gi","headlessService":{"annotations":null,"labels":null,"publishNotReadyAddresses":null},"image":{"application":"confluentinc/cp-zookeeper:7.2.0","init":"confluentinc/confluent-init-container:2.4.0","pullPolicy":null,"pullSecretRef":null},"injectAnnotations":null,"injectLabels":null,"k8sClusterDomain":null,"license":{"directoryPathInContainer":null,"globalLicense":null,"secretRef":null},"logVolumeCapacity":"10Gi","metrics":{"authentication":{"type":null},"prometheus":{"blacklist":null,"rules":null,"whitelist":null},"tls":{"directoryPathInContainer":null,"enabled":null,"ignoreTrustStoreConfig":null,"jksPassword":{"secretRef":null},"secretRef":null}},"mountedSecrets":null,"mountedVolumes":{"volumeMounts":null,"volumes":null},"oneReplicaPerNode":null,"podTemplate":{"affinity":{"nodeAffinity":{"preferredDuringSchedulingIgnoredDuringExecution":null,"requiredDuringSchedulingIgnoredDuringExecution":{"nodeSelectorTerms":null}},"podAffinity":{"preferredDuringSchedulingIgnoredDuringExecution":null,"requiredDuringSchedulingIgnoredDuringExecution":null},"podAntiAffinity":{"preferredDuringSchedulingIgnoredDuringExecution":null,"requiredDuringSchedulingIgnoredDuringExecution":null}},"annotations":null,"envVars":null,"labels":null,"podSecurityContext":{"fsGroup":null,"fsGroupChangePolicy":null,"runAsGroup":null,"runAsNonRoot":null,"runAsUser":null,"seLinuxOptions":{"level":null,"role":null,"type":null,"user":null},"seccompProfile":{"localhostProfile":null,"type":null},"supplementalGroups":null,"sysctls":null,"windowsOptions":{"gmsaCredentialSpec":null,"gmsaCredentialSpecName":null,"hostProcess":null,"runAsUserName":null}},"priorityClassName":null,"probe":{"liveness":{"failureThreshold":null,"initialDelaySeconds":null,"periodSeconds":null,"successThreshold":null,"timeoutSeconds":null},"readiness":{"failureThreshold":null,"initialDelaySeconds":null,"periodSeconds":null,"successThreshold":null,"timeoutSeconds":null}},"resources":{"limits":null,"requests":null},"securityContext":{"allowPrivilegeEscalation":null,"capabilities":{"add":null,"drop":null},"privileged":null,"procMount":null,"readOnlyRootFilesystem":null,"runAsGroup":null,"runAsNonRoot":null,"runAsUser":null,"seLinuxOptions":{"level":null,"role":null,"type":null,"user":null},"seccompProfile":{"localhostProfile":null,"type":null},"windowsOptions":{"gmsaCredentialSpec":null,"gmsaCredentialSpecName":null,"hostProcess":null,"runAsUserName":null}},"serviceAccountName":null,"terminationGracePeriodSeconds":null,"tolerations":null,"topologySpreadConstraints":null},"replicas":3,"storageClass":{"name":null},"tls":{"autoGeneratedCerts":null,"directoryPathInContainer":null,"ignoreTrustStoreConfig":null,"jksPassword":{"secretRef":null},"secretRef":null}}
TestTerraformCompleteExample 2022-08-04T19:10:24Z retry.go:91: terraform [output -no-color -json kafka_manifest]
TestTerraformCompleteExample 2022-08-04T19:10:24Z logger.go:66: Running command terraform with args [output -no-color -json kafka_manifest]
TestTerraformCompleteExample 2022-08-04T19:10:25Z logger.go:66: {"apiVersion":"platform.confluent.io/v1beta1","kind":"Kafka","metadata":{"name":"kafka","namespace":"confluent"},"spec":{"dataVolumeCapacity":"10Gi","image":{"application":"confluentinc/cp-server:7.2.0","init":"confluentinc/confluent-init-container:2.4.0"},"metricReporter":{"enabled":true},"replicas":3}}
TestTerraformCompleteExample 2022-08-04T19:10:25Z retry.go:91: terraform [output -no-color -json kafka_object_spec]
TestTerraformCompleteExample 2022-08-04T19:10:25Z logger.go:66: Running command terraform with args [output -no-color -json kafka_object_spec]
TestTerraformCompleteExample 2022-08-04T19:10:25Z logger.go:66: {"authorization":{"superUsers":null,"type":null},"configOverrides":{"jvm":null,"log4j":null,"server":null},"dataVolumeCapacity":"10Gi","dependencies":{"kafkaRest":{"authentication":{"bearer":{"directoryPathInContainer":null,"secretRef":null},"jaasConfig":{"secretRef":null},"jaasConfigPassThrough":{"directoryPathInContainer":null,"secretRef":null},"oauthbearer":{"directoryPathInContainer":null,"secretRef":null},"type":null},"bootstrapEndpoint":null,"endpoint":null,"tls":{"directoryPathInContainer":null,"enabled":null,"ignoreTrustStoreConfig":null,"jksPassword":{"secretRef":null},"secretRef":null}},"mds":{"endpoint":null,"kafka":{"authentication":{"jaasConfig":{"secretRef":null},"jaasConfigPassThrough":{"directoryPathInContainer":null,"secretRef":null},"oauthbearer":{"directoryPathInContainer":null,"secretRef":null},"type":null},"bootstrapEndpoint":null,"discovery":{"name":null,"namespace":null,"secretRef":null},"tls":{"directoryPathInContainer":null,"enabled":null,"ignoreTrustStoreConfig":null,"jksPassword":{"secretRef":null},"secretRef":null}},"tls":{"directoryPathInContainer":null,"enabled":null,"ignoreTrustStoreConfig":null,"jksPassword":{"secretRef":null},"secretRef":null},"tokenKeyPair":{"directoryPathInContainer":null,"secretRef":null}},"schemaRegistry":{"authentication":{"basic":{"debug":null,"directoryPathInContainer":null,"restrictedRoles":null,"roles":null,"secretRef":null},"type":null},"tls":{"directoryPathInContainer":null,"enabled":null,"ignoreTrustStoreConfig":null,"jksPassword":{"secretRef":null},"secretRef":null},"url":null},"zookeeper":{"authentication":{"jaasConfig":{"secretRef":null},"jaasConfigPassThrough":{"directoryPathInContainer":null,"secretRef":null},"oauthbearer":{"directoryPathInContainer":null,"secretRef":null},"type":null},"discovery":{"name":null,"namespace":null,"secretRef":null},"endpoint":null,"tls":{"directoryPathInContainer":null,"enabled":null,"ignoreTrustStoreConfig":null,"jksPassword":{"secretRef":null},"secretRef":null}}},"headlessService":{"annotations":null,"labels":null,"publishNotReadyAddresses":null},"identityProvider":{"ldap":{"address":null,"authentication":{"simple":{"directoryPathInContainer":null,"secretRef":null},"type":null},"configurations":{"groupMemberAttribute":null,"groupMemberAttributePattern":null,"groupNameAttribute":null,"groupObjectClass":null,"groupSearchBase":null,"groupSearchFilter":null,"groupSearchScope":null,"userMemberOfAttributePattern":null,"userNameAttribute":null,"userObjectClass":null,"userSearchBase":null,"userSearchFilter":null,"userSearchScope":null},"tls":{"directoryPathInContainer":null,"enabled":null,"ignoreTrustStoreConfig":null,"jksPassword":{"secretRef":null},"secretRef":null}},"type":null},"image":{"application":"confluentinc/cp-server:7.2.0","init":"confluentinc/confluent-init-container:2.4.0","pullPolicy":null,"pullSecretRef":null},"injectAnnotations":null,"injectLabels":null,"k8sClusterDomain":null,"license":{"directoryPathInContainer":null,"globalLicense":null,"secretRef":null},"listeners":{"custom":null,"external":{"authentication":{"jaasConfig":{"secretRef":null},"jaasConfigPassThrough":{"directoryPathInContainer":null,"secretRef":null},"principalMappingRules":null,"type":null},"externalAccess":{"loadBalancer":{"advertisedPort":null,"annotations":null,"bootstrapPrefix":null,"brokerPrefix":null,"domain":null,"externalTrafficPolicy":null,"labels":null,"loadBalancerSourceRanges":null,"servicePorts":null,"sessionAffinity":null,"sessionAffinityConfig":{"clientIP":{"timeoutSeconds":null}}},"nodePort":{"advertisedURL":{"enabled":null,"prefix":null},"annotations":null,"externalTrafficPolicy":null,"host":null,"labels":null,"nodePortOffset":null,"servicePorts":null,"sessionAffinity":null,"sessionAffinityConfig":{"clientIP":{"timeoutSeconds":null}}},"route":{"annotations":null,"bootstrapPrefix":null,"brokerPrefix":null,"domain":null,"labels":null,"wildcardPolicy":null},"staticForHostBasedRouting":{"brokerPrefix":null,"domain":null,"port":null},"staticForPortBasedRouting":{"host":null,"portOffset":null},"type":null},"tls":{"directoryPathInContainer":null,"enabled":null,"ignoreTrustStoreConfig":null,"jksPassword":{"secretRef":null},"secretRef":null}},"internal":{"authentication":{"jaasConfig":{"secretRef":null},"jaasConfigPassThrough":{"directoryPathInContainer":null,"secretRef":null},"principalMappingRules":null,"type":null},"tls":{"directoryPathInContainer":null,"enabled":null,"ignoreTrustStoreConfig":null,"jksPassword":{"secretRef":null},"secretRef":null}}},"metricReporter":{"authentication":{"jaasConfig":{"secretRef":null},"jaasConfigPassThrough":{"directoryPathInContainer":null,"secretRef":null},"oauthbearer":{"directoryPathInContainer":null,"secretRef":null},"type":null},"bootstrapEndpoint":null,"enabled":true,"replicationFactor":null,"tls":{"directoryPathInContainer":null,"enabled":null,"ignoreTrustStoreConfig":null,"jksPassword":{"secretRef":null},"secretRef":null}},"metrics":{"authentication":{"type":null},"prometheus":{"blacklist":null,"rules":null,"whitelist":null},"tls":{"directoryPathInContainer":null,"enabled":null,"ignoreTrustStoreConfig":null,"jksPassword":{"secretRef":null},"secretRef":null}},"mountedSecrets":null,"mountedVolumes":{"volumeMounts":null,"volumes":null},"oneReplicaPerNode":null,"passwordEncoder":{"directoryPathInContainer":null,"secretRef":null},"podTemplate":{"affinity":{"nodeAffinity":{"preferredDuringSchedulingIgnoredDuringExecution":null,"requiredDuringSchedulingIgnoredDuringExecution":{"nodeSelectorTerms":null}},"podAffinity":{"preferredDuringSchedulingIgnoredDuringExecution":null,"requiredDuringSchedulingIgnoredDuringExecution":null},"podAntiAffinity":{"preferredDuringSchedulingIgnoredDuringExecution":null,"requiredDuringSchedulingIgnoredDuringExecution":null}},"annotations":null,"envVars":null,"labels":null,"podSecurityContext":{"fsGroup":null,"fsGroupChangePolicy":null,"runAsGroup":null,"runAsNonRoot":null,"runAsUser":null,"seLinuxOptions":{"level":null,"role":null,"type":null,"user":null},"seccompProfile":{"localhostProfile":null,"type":null},"supplementalGroups":null,"sysctls":null,"windowsOptions":{"gmsaCredentialSpec":null,"gmsaCredentialSpecName":null,"hostProcess":null,"runAsUserName":null}},"priorityClassName":null,"probe":{"liveness":{"failureThreshold":null,"initialDelaySeconds":null,"periodSeconds":null,"successThreshold":null,"timeoutSeconds":null},"readiness":{"failureThreshold":null,"initialDelaySeconds":null,"periodSeconds":null,"successThreshold":null,"timeoutSeconds":null}},"resources":{"limits":null,"requests":null},"securityContext":{"allowPrivilegeEscalation":null,"capabilities":{"add":null,"drop":null},"privileged":null,"procMount":null,"readOnlyRootFilesystem":null,"runAsGroup":null,"runAsNonRoot":null,"runAsUser":null,"seLinuxOptions":{"level":null,"role":null,"type":null,"user":null},"seccompProfile":{"localhostProfile":null,"type":null},"windowsOptions":{"gmsaCredentialSpec":null,"gmsaCredentialSpecName":null,"hostProcess":null,"runAsUserName":null}},"serviceAccountName":null,"terminationGracePeriodSeconds":null,"tolerations":null,"topologySpreadConstraints":null},"rackAssignment":{"availabilityZoneCount":null,"nodeLabels":null},"replicas":3,"services":{"kafkaRest":{"authentication":{"basic":{"debug":null,"directoryPathInContainer":null,"restrictedRoles":null,"roles":null,"secretRef":null},"type":null},"externalAccess":{"loadBalancer":{"advertisedURL":{"enabled":null,"prefix":null},"annotations":null,"domain":null,"externalTrafficPolicy":null,"labels":null,"loadBalancerSourceRanges":null,"port":null,"prefix":null,"servicePorts":null,"sessionAffinity":null,"sessionAffinityConfig":{"clientIP":{"timeoutSeconds":null}}},"nodePort":{"advertisedURL":{"enabled":null,"prefix":null},"annotations":null,"externalTrafficPolicy":null,"host":null,"labels":null,"nodePortOffset":null,"servicePorts":null,"sessionAffinity":null,"sessionAffinityConfig":{"clientIP":{"timeoutSeconds":null}}},"route":{"annotations":null,"domain":null,"labels":null,"prefix":null,"wildcardPolicy":null},"type":null},"tls":{"directoryPathInContainer":null,"enabled":null,"ignoreTrustStoreConfig":null,"jksPassword":{"secretRef":null},"secretRef":null}},"mds":{"authentication":{"type":null},"externalAccess":{"loadBalancer":{"advertisedURL":{"enabled":null,"prefix":null},"annotations":null,"domain":null,"externalTrafficPolicy":null,"labels":null,"loadBalancerSourceRanges":null,"port":null,"prefix":null,"servicePorts":null,"sessionAffinity":null,"sessionAffinityConfig":{"clientIP":{"timeoutSeconds":null}}},"nodePort":{"advertisedURL":{"enabled":null,"prefix":null},"annotations":null,"externalTrafficPolicy":null,"host":null,"labels":null,"nodePortOffset":null,"servicePorts":null,"sessionAffinity":null,"sessionAffinityConfig":{"clientIP":{"timeoutSeconds":null}}},"route":{"annotations":null,"domain":null,"labels":null,"prefix":null,"wildcardPolicy":null},"type":null},"provider":{"ldap":{"address":null,"authentication":{"simple":{"directoryPathInContainer":null,"secretRef":null},"type":null},"configurations":{"groupMemberAttribute":null,"groupMemberAttributePattern":null,"groupNameAttribute":null,"groupObjectClass":null,"groupSearchBase":null,"groupSearchFilter":null,"groupSearchScope":null,"userMemberOfAttributePattern":null,"userNameAttribute":null,"userObjectClass":null,"userSearchBase":null,"userSearchFilter":null,"userSearchScope":null},"tls":{"directoryPathInContainer":null,"enabled":null,"ignoreTrustStoreConfig":null,"jksPassword":{"secretRef":null},"secretRef":null}},"type":null},"tls":{"directoryPathInContainer":null,"enabled":null,"ignoreTrustStoreConfig":null,"jksPassword":{"secretRef":null},"secretRef":null},"tokenKeyPair":{"directoryPathInContainer":null,"secretRef":null}}},"storageClass":{"name":null},"telemetry":{"global":null},"tls":{"autoGeneratedCerts":null,"directoryPathInContainer":null,"ignoreTrustStoreConfig":null,"jksPassword":{"secretRef":null},"secretRef":null}}
TestTerraformCompleteExample 2022-08-04T19:10:25Z retry.go:91: terraform [output -no-color -json connect_manifest]
TestTerraformCompleteExample 2022-08-04T19:10:25Z logger.go:66: Running command terraform with args [output -no-color -json connect_manifest]
TestTerraformCompleteExample 2022-08-04T19:10:26Z logger.go:66: {"apiVersion":"platform.confluent.io/v1beta1","kind":"Connect","metadata":{"name":"connect","namespace":"confluent"},"spec":{"build":{"onDemand":{"plugins":{"confluentHub":[{"name":"kafka-connect-datagen","owner":"confluentinc","version":"0.5.2"}],"locationType":"confluentHub"}},"type":"onDemand"},"dependencies":{"kafka":{"bootstrapEndpoint":"kafka:9071"}},"image":{"application":"confluentinc/cp-server-connect:7.2.0","init":"confluentinc/confluent-init-container:2.4.0"},"replicas":1}}
TestTerraformCompleteExample 2022-08-04T19:10:26Z retry.go:91: terraform [output -no-color -json connect_object_spec]
TestTerraformCompleteExample 2022-08-04T19:10:26Z logger.go:66: Running command terraform with args [output -no-color -json connect_object_spec]
TestTerraformCompleteExample 2022-08-04T19:10:27Z logger.go:66: {"authentication":{"basic":{"debug":null,"directoryPathInContainer":null,"restrictedRoles":null,"roles":null,"secretRef":null},"type":null},"authorization":{"kafkaRestClassRef":{"name":null,"namespace":null},"type":null},"build":{"onDemand":{"plugins":{"confluentHub":[{"name":"kafka-connect-datagen","owner":"confluentinc","version":"0.5.2"}],"locationType":"confluentHub","url":null},"storageLimit":null},"type":"onDemand"},"configOverrides":{"jvm":null,"log4j":null,"server":null},"connectorOverridePolicy":null,"connectorTLSCerts":null,"dependencies":{"admin":{"authentication":{"jaasConfig":{"secretRef":null},"jaasConfigPassThrough":{"directoryPathInContainer":null,"secretRef":null},"oauthbearer":{"directoryPathInContainer":null,"secretRef":null},"type":null},"bootstrapEndpoint":null,"discovery":{"name":null,"namespace":null,"secretRef":null},"tls":{"directoryPathInContainer":null,"enabled":null,"ignoreTrustStoreConfig":null,"jksPassword":{"secretRef":null},"secretRef":null}},"consumer":{"authentication":{"jaasConfig":{"secretRef":null},"jaasConfigPassThrough":{"directoryPathInContainer":null,"secretRef":null},"oauthbearer":{"directoryPathInContainer":null,"secretRef":null},"type":null},"bootstrapEndpoint":null,"discovery":{"name":null,"namespace":null,"secretRef":null},"tls":{"directoryPathInContainer":null,"enabled":null,"ignoreTrustStoreConfig":null,"jksPassword":{"secretRef":null},"secretRef":null}},"interceptor":{"configs":null,"consumer":{"authentication":{"jaasConfig":{"secretRef":null},"jaasConfigPassThrough":{"directoryPathInContainer":null,"secretRef":null},"oauthbearer":{"directoryPathInContainer":null,"secretRef":null},"type":null},"bootstrapEndpoint":null,"discovery":{"name":null,"namespace":null,"secretRef":null},"tls":{"directoryPathInContainer":null,"enabled":null,"ignoreTrustStoreConfig":null,"jksPassword":{"secretRef":null},"secretRef":null}},"enabled":null,"producer":{"authentication":{"jaasConfig":{"secretRef":null},"jaasConfigPassThrough":{"directoryPathInContainer":null,"secretRef":null},"oauthbearer":{"directoryPathInContainer":null,"secretRef":null},"type":null},"bootstrapEndpoint":null,"discovery":{"name":null,"namespace":null,"secretRef":null},"tls":{"directoryPathInContainer":null,"enabled":null,"ignoreTrustStoreConfig":null,"jksPassword":{"secretRef":null},"secretRef":null}},"publishMs":null},"kafka":{"authentication":{"jaasConfig":{"secretRef":null},"jaasConfigPassThrough":{"directoryPathInContainer":null,"secretRef":null},"oauthbearer":{"directoryPathInContainer":null,"secretRef":null},"type":null},"bootstrapEndpoint":"kafka:9071","discovery":{"name":null,"namespace":null,"secretRef":null},"tls":{"directoryPathInContainer":null,"enabled":null,"ignoreTrustStoreConfig":null,"jksPassword":{"secretRef":null},"secretRef":null}},"mds":{"authentication":{"bearer":{"directoryPathInContainer":null,"secretRef":null},"type":null},"endpoint":null,"tls":{"directoryPathInContainer":null,"enabled":null,"ignoreTrustStoreConfig":null,"jksPassword":{"secretRef":null},"secretRef":null},"tokenKeyPair":{"directoryPathInContainer":null,"secretRef":null}},"producer":{"authentication":{"jaasConfig":{"secretRef":null},"jaasConfigPassThrough":{"directoryPathInContainer":null,"secretRef":null},"oauthbearer":{"directoryPathInContainer":null,"secretRef":null},"type":null},"bootstrapEndpoint":null,"discovery":{"name":null,"namespace":null,"secretRef":null},"tls":{"directoryPathInContainer":null,"enabled":null,"ignoreTrustStoreConfig":null,"jksPassword":{"secretRef":null},"secretRef":null}},"schemaRegistry":{"authentication":{"basic":{"debug":null,"directoryPathInContainer":null,"restrictedRoles":null,"roles":null,"secretRef":null},"type":null},"tls":{"directoryPathInContainer":null,"enabled":null,"ignoreTrustStoreConfig":null,"jksPassword":{"secretRef":null},"secretRef":null},"url":null}},"enableSchemas":null,"externalAccess":{"loadBalancer":{"advertisedURL":{"enabled":null,"prefix":null},"annotations":null,"domain":null,"externalTrafficPolicy":null,"labels":null,"loadBalancerSourceRanges":null,"port":null,"prefix":null,"servicePorts":null,"sessionAffinity":null,"sessionAffinityConfig":{"clientIP":{"timeoutSeconds":null}}},"nodePort":{"advertisedURL":{"enabled":null,"prefix":null},"annotations":null,"externalTrafficPolicy":null,"host":null,"labels":null,"nodePortOffset":null,"servicePorts":null,"sessionAffinity":null,"sessionAffinityConfig":{"clientIP":{"timeoutSeconds":null}}},"route":{"annotations":null,"domain":null,"labels":null,"prefix":null,"wildcardPolicy":null},"type":null},"headlessService":{"annotations":null,"labels":null,"publishNotReadyAddresses":null},"image":{"application":"confluentinc/cp-server-connect:7.2.0","init":"confluentinc/confluent-init-container:2.4.0","pullPolicy":null,"pullSecretRef":null},"injectAnnotations":null,"injectLabels":null,"internalTopicReplicationFactor":null,"k8sClusterDomain":null,"keyConverterType":null,"license":{"directoryPathInContainer":null,"globalLicense":null,"secretRef":null},"metrics":{"authentication":{"type":null},"prometheus":{"blacklist":null,"rules":null,"whitelist":null},"tls":{"directoryPathInContainer":null,"enabled":null,"ignoreTrustStoreConfig":null,"jksPassword":{"secretRef":null},"secretRef":null}},"mountedSecrets":null,"mountedVolumes":{"volumeMounts":null,"volumes":null},"oneReplicaPerNode":null,"podTemplate":{"affinity":{"nodeAffinity":{"preferredDuringSchedulingIgnoredDuringExecution":null,"requiredDuringSchedulingIgnoredDuringExecution":{"nodeSelectorTerms":null}},"podAffinity":{"preferredDuringSchedulingIgnoredDuringExecution":null,"requiredDuringSchedulingIgnoredDuringExecution":null},"podAntiAffinity":{"preferredDuringSchedulingIgnoredDuringExecution":null,"requiredDuringSchedulingIgnoredDuringExecution":null}},"annotations":null,"envVars":null,"labels":null,"podSecurityContext":{"fsGroup":null,"fsGroupChangePolicy":null,"runAsGroup":null,"runAsNonRoot":null,"runAsUser":null,"seLinuxOptions":{"level":null,"role":null,"type":null,"user":null},"seccompProfile":{"localhostProfile":null,"type":null},"supplementalGroups":null,"sysctls":null,"windowsOptions":{"gmsaCredentialSpec":null,"gmsaCredentialSpecName":null,"hostProcess":null,"runAsUserName":null}},"priorityClassName":null,"probe":{"liveness":{"failureThreshold":null,"initialDelaySeconds":null,"periodSeconds":null,"successThreshold":null,"timeoutSeconds":null},"readiness":{"failureThreshold":null,"initialDelaySeconds":null,"periodSeconds":null,"successThreshold":null,"timeoutSeconds":null}},"resources":{"limits":null,"requests":null},"securityContext":{"allowPrivilegeEscalation":null,"capabilities":{"add":null,"drop":null},"privileged":null,"procMount":null,"readOnlyRootFilesystem":null,"runAsGroup":null,"runAsNonRoot":null,"runAsUser":null,"seLinuxOptions":{"level":null,"role":null,"type":null,"user":null},"seccompProfile":{"localhostProfile":null,"type":null},"windowsOptions":{"gmsaCredentialSpec":null,"gmsaCredentialSpecName":null,"hostProcess":null,"runAsUserName":null}},"serviceAccountName":null,"terminationGracePeriodSeconds":null,"tolerations":null,"topologySpreadConstraints":null},"replicas":1,"telemetry":{"global":null},"tls":{"autoGeneratedCerts":null,"directoryPathInContainer":null,"ignoreTrustStoreConfig":null,"jksPassword":{"secretRef":null},"secretRef":null},"valueConverterType":null}
TestTerraformCompleteExample 2022-08-04T19:10:27Z retry.go:91: terraform [output -no-color -json kafka_topic_manifests]
TestTerraformCompleteExample 2022-08-04T19:10:27Z logger.go:66: Running command terraform with args [output -no-color -json kafka_topic_manifests]
TestTerraformCompleteExample 2022-08-04T19:10:27Z logger.go:66: {"my-other-topic":{"apiVersion":"platform.confluent.io/v1beta1","kind":"KafkaTopic","metadata":{"name":"my-other-topic","namespace":"confluent"},"spec":{"configs":{"cleanup.policy":"compact"},"partitionCount":3,"replicas":3}},"pageviews":{"apiVersion":"platform.confluent.io/v1beta1","kind":"KafkaTopic","metadata":{"name":"pageviews","namespace":"confluent"},"spec":{"configs":{"cleanup.policy":"delete"},"partitionCount":3,"replicas":3}}}
TestTerraformCompleteExample 2022-08-04T19:10:27Z retry.go:91: terraform [output -no-color -json kafka_topic_object_specs]
TestTerraformCompleteExample 2022-08-04T19:10:27Z logger.go:66: Running command terraform with args [output -no-color -json kafka_topic_object_specs]
TestTerraformCompleteExample 2022-08-04T19:10:28Z logger.go:66: {"my-other-topic":{"configs":{"cleanup.policy":"compact"},"kafkaClusterRef":{"name":null,"namespace":null},"kafkaRest":{"authentication":{"basic":{"debug":null,"directoryPathInContainer":null,"restrictedRoles":null,"roles":null,"secretRef":null},"bearer":{"directoryPathInContainer":null,"secretRef":null},"type":null},"endpoint":null,"kafkaClusterID":null,"tls":{"directoryPathInContainer":null,"jksPassword":{"secretRef":null},"secretRef":null}},"kafkaRestClassRef":{"name":null,"namespace":null},"name":null,"partitionCount":3,"replicas":3},"pageviews":{"configs":{"cleanup.policy":"delete"},"kafkaClusterRef":{"name":null,"namespace":null},"kafkaRest":{"authentication":{"basic":{"debug":null,"directoryPathInContainer":null,"restrictedRoles":null,"roles":null,"secretRef":null},"bearer":{"directoryPathInContainer":null,"secretRef":null},"type":null},"endpoint":null,"kafkaClusterID":null,"tls":{"directoryPathInContainer":null,"jksPassword":{"secretRef":null},"secretRef":null}},"kafkaRestClassRef":{"name":null,"namespace":null},"name":null,"partitionCount":3,"replicas":3}}
TestTerraformCompleteExample 2022-08-04T19:10:28Z retry.go:91: terraform [output -no-color -json schema_manifests]
TestTerraformCompleteExample 2022-08-04T19:10:28Z logger.go:66: Running command terraform with args [output -no-color -json schema_manifests]
TestTerraformCompleteExample 2022-08-04T19:10:28Z logger.go:66: {"pageviews-value":{"apiVersion":"platform.confluent.io/v1beta1","kind":"Schema","metadata":{"name":"pageviews-value","namespace":"confluent"},"spec":{"data":{"configRef":"pageviews-value-config","format":"avro"}}}}
TestTerraformCompleteExample 2022-08-04T19:10:28Z retry.go:91: terraform [output -no-color -json schema_object_specs]
TestTerraformCompleteExample 2022-08-04T19:10:28Z logger.go:66: Running command terraform with args [output -no-color -json schema_object_specs]
TestTerraformCompleteExample 2022-08-04T19:10:29Z logger.go:66: {"pageviews-value":{"compatibilityLevel":null,"data":{"configRef":"pageviews-value-config","format":"avro"},"name":null,"schemaReferences":null,"schemaRegistryClusterRef":{"name":null,"namespace":null},"schemaRegistryRest":{"authentication":{"basic":{"debug":null,"directoryPathInContainer":null,"restrictedRoles":null,"roles":null,"secretRef":null},"bearer":{"directoryPathInContainer":null,"secretRef":null},"type":null},"endpoint":null,"kafkaClusterID":null,"tls":{"directoryPathInContainer":null,"jksPassword":{"secretRef":null},"secretRef":null}}}}
TestTerraformCompleteExample 2022-08-04T19:10:29Z retry.go:91: terraform [output -no-color -json schema_config_map_data]
TestTerraformCompleteExample 2022-08-04T19:10:29Z logger.go:66: Running command terraform with args [output -no-color -json schema_config_map_data]
TestTerraformCompleteExample 2022-08-04T19:10:29Z logger.go:66: {"pageviews-value":{"schema":"{\n    \"connect.name\": \"ksql.pageviews\",\n    \"fields\": [\n        {\n            \"name\": \"viewtime\",\n            \"type\": \"long\"\n        },\n        {\n            \"name\": \"userid\",\n            \"type\": \"string\"\n        },\n        {\n            \"name\": \"pageid\",\n            \"type\": \"string\"\n        }\n    ],\n    \"name\": \"pageviews\",\n    \"namespace\": \"ksql\",\n    \"type\": \"record\"\n}\n"}}
TestTerraformCompleteExample 2022-08-04T19:10:29Z retry.go:91: terraform [output -no-color -json connector_manifests]
TestTerraformCompleteExample 2022-08-04T19:10:29Z logger.go:66: Running command terraform with args [output -no-color -json connector_manifests]
TestTerraformCompleteExample 2022-08-04T19:10:30Z logger.go:66: {"pageviews-source":{"apiVersion":"platform.confluent.io/v1beta1","kind":"Connector","metadata":{"name":"pageviews-source","namespace":"confluent"},"spec":{"class":"io.confluent.kafka.connect.datagen.DatagenConnector","configs":{"iterations":"10000000","kafka.topic":"pageviews","key.converter":"org.apache.kafka.connect.storage.StringConverter","max.interval":"100","quickstart":"pageviews","value.converter":"io.confluent.connect.avro.AvroConverter","value.converter.schema.registry.url":"http://schemaregistry.confluent.svc.cluster.local:8081","value.converter.schemas.enable":"true"},"connectClusterRef":{"name":"connect"},"taskMax":1}}}
TestTerraformCompleteExample 2022-08-04T19:10:30Z retry.go:91: terraform [output -no-color -json connector_object_specs]
TestTerraformCompleteExample 2022-08-04T19:10:30Z logger.go:66: Running command terraform with args [output -no-color -json connector_object_specs]
TestTerraformCompleteExample 2022-08-04T19:10:31Z logger.go:66: {"pageviews-source":{"class":"io.confluent.kafka.connect.datagen.DatagenConnector","configs":{"iterations":"10000000","kafka.topic":"pageviews","key.converter":"org.apache.kafka.connect.storage.StringConverter","max.interval":"100","quickstart":"pageviews","value.converter":"io.confluent.connect.avro.AvroConverter","value.converter.schema.registry.url":"http://schemaregistry.confluent.svc.cluster.local:8081","value.converter.schemas.enable":"true"},"connectClusterRef":{"name":"connect","namespace":null},"connectRest":{"authentication":{"basic":{"debug":null,"directoryPathInContainer":null,"restrictedRoles":null,"roles":null,"secretRef":null},"bearer":{"directoryPathInContainer":null,"secretRef":null},"type":null},"endpoint":null,"kafkaClusterID":null,"tls":{"directoryPathInContainer":null,"jksPassword":{"secretRef":null},"secretRef":null}},"name":null,"restartPolicy":{"maxRetry":null,"type":null},"taskMax":1}}
TestTerraformCompleteExample 2022-08-04T19:10:31Z retry.go:91: terraform [destroy -auto-approve -input=false -var create_controlcenter=false -no-color -lock=false]
TestTerraformCompleteExample 2022-08-04T19:10:31Z logger.go:66: Running command terraform with args [destroy -auto-approve -input=false -var create_controlcenter=false -no-color -lock=false]
TestTerraformCompleteExample 2022-08-04T19:10:34Z logger.go:66: module.confluent_platform.module.confluent_operator[0].kubernetes_namespace_v1.namespace[0]: Refreshing state... [id=confluent]
TestTerraformCompleteExample 2022-08-04T19:10:34Z logger.go:66: module.confluent_platform.module.confluent_operator[0].helm_release.confluent_operator[0]: Refreshing state... [id=confluent-operator]
TestTerraformCompleteExample 2022-08-04T19:10:38Z logger.go:66: module.confluent_platform.kubernetes_manifest.components["zookeeper"]: Refreshing state...
TestTerraformCompleteExample 2022-08-04T19:10:38Z logger.go:66: module.confluent_platform.kubernetes_manifest.components["connect"]: Refreshing state...
TestTerraformCompleteExample 2022-08-04T19:10:38Z logger.go:66: module.confluent_platform.kubernetes_manifest.components["schemaregistry"]: Refreshing state...
TestTerraformCompleteExample 2022-08-04T19:10:39Z logger.go:66: module.confluent_platform.kubernetes_manifest.components["kafka"]: Refreshing state...
TestTerraformCompleteExample 2022-08-04T19:10:42Z logger.go:66: module.confluent_platform.module.schemas["pageviews-value"].kubernetes_config_map_v1.schema_config: Refreshing state... [id=confluent/pageviews-value-config]
TestTerraformCompleteExample 2022-08-04T19:10:42Z logger.go:66: module.confluent_platform.data.kubernetes_resource.components["connect"]: Reading...
TestTerraformCompleteExample 2022-08-04T19:10:42Z logger.go:66: module.confluent_platform.data.kubernetes_resource.components["schemaregistry"]: Reading...
TestTerraformCompleteExample 2022-08-04T19:10:42Z logger.go:66: module.confluent_platform.data.kubernetes_resource.components["zookeeper"]: Reading...
TestTerraformCompleteExample 2022-08-04T19:10:42Z logger.go:66: module.confluent_platform.data.kubernetes_resource.components["kafka"]: Reading...
TestTerraformCompleteExample 2022-08-04T19:10:43Z logger.go:66: module.confluent_platform.data.kubernetes_resource.components["connect"]: Read complete after 2s
TestTerraformCompleteExample 2022-08-04T19:10:43Z logger.go:66: module.confluent_platform.module.kafka_topics["pageviews"].kubernetes_manifest.topic: Refreshing state...
TestTerraformCompleteExample 2022-08-04T19:10:44Z logger.go:66: module.confluent_platform.module.kafka_topics["my-other-topic"].kubernetes_manifest.topic: Refreshing state...
TestTerraformCompleteExample 2022-08-04T19:10:44Z logger.go:66: module.confluent_platform.module.schemas["pageviews-value"].kubernetes_manifest.schema: Refreshing state...
TestTerraformCompleteExample 2022-08-04T19:10:44Z logger.go:66: module.confluent_platform.data.kubernetes_resource.components["schemaregistry"]: Read complete after 2s
TestTerraformCompleteExample 2022-08-04T19:10:44Z logger.go:66: module.confluent_platform.data.kubernetes_resource.components["zookeeper"]: Read complete after 2s
TestTerraformCompleteExample 2022-08-04T19:10:44Z logger.go:66: module.confluent_platform.data.kubernetes_resource.components["kafka"]: Read complete after 2s
TestTerraformCompleteExample 2022-08-04T19:10:45Z logger.go:66: module.confluent_platform.module.schemas["pageviews-value"].data.kubernetes_resource.schema: Reading...
TestTerraformCompleteExample 2022-08-04T19:10:45Z logger.go:66: module.confluent_platform.module.kafka_topics["my-other-topic"].data.kubernetes_resource.topic: Reading...
TestTerraformCompleteExample 2022-08-04T19:10:45Z logger.go:66: module.confluent_platform.module.kafka_topics["pageviews"].data.kubernetes_resource.topic: Reading...
TestTerraformCompleteExample 2022-08-04T19:10:46Z logger.go:66: module.confluent_platform.module.schemas["pageviews-value"].data.kubernetes_resource.schema: Read complete after 0s
TestTerraformCompleteExample 2022-08-04T19:10:46Z logger.go:66: module.confluent_platform.module.kafka_topics["my-other-topic"].data.kubernetes_resource.topic: Read complete after 0s
TestTerraformCompleteExample 2022-08-04T19:10:46Z logger.go:66: module.confluent_platform.module.kafka_topics["pageviews"].data.kubernetes_resource.topic: Read complete after 1s
TestTerraformCompleteExample 2022-08-04T19:10:47Z logger.go:66: module.confluent_platform.module.connectors["pageviews-source"].kubernetes_manifest.connector: Refreshing state...
TestTerraformCompleteExample 2022-08-04T19:10:48Z logger.go:66: module.confluent_platform.module.connectors["pageviews-source"].data.kubernetes_resource.connector: Reading...
TestTerraformCompleteExample 2022-08-04T19:10:48Z logger.go:66: module.confluent_platform.module.connectors["pageviews-source"].data.kubernetes_resource.connector: Read complete after 0s
TestTerraformCompleteExample 2022-08-04T19:10:49Z logger.go:66:
TestTerraformCompleteExample 2022-08-04T19:10:49Z logger.go:66: Terraform used the selected providers to generate the following execution
TestTerraformCompleteExample 2022-08-04T19:10:49Z logger.go:66: plan. Resource actions are indicated with the following symbols:
TestTerraformCompleteExample 2022-08-04T19:10:49Z logger.go:66:   - destroy
TestTerraformCompleteExample 2022-08-04T19:10:49Z logger.go:66:
TestTerraformCompleteExample 2022-08-04T19:10:49Z logger.go:66: Terraform will perform the following actions:
TestTerraformCompleteExample 2022-08-04T19:10:49Z logger.go:66:
TestTerraformCompleteExample 2022-08-04T19:10:49Z logger.go:66:   # module.confluent_platform.kubernetes_manifest.components["connect"] will be destroyed
TestTerraformCompleteExample 2022-08-04T19:10:49Z logger.go:66:   - resource "kubernetes_manifest" "components" {
TestTerraformCompleteExample 2022-08-04T19:10:49Z logger.go:66:       - computed_fields = [
TestTerraformCompleteExample 2022-08-04T19:10:49Z logger.go:66:           - "metadata.finalizers",
TestTerraformCompleteExample 2022-08-04T19:10:49Z logger.go:66:         ] -> null
TestTerraformCompleteExample 2022-08-04T19:10:49Z logger.go:66:       - manifest        = {
TestTerraformCompleteExample 2022-08-04T19:10:49Z logger.go:66:           - apiVersion = "platform.confluent.io/v1beta1"
TestTerraformCompleteExample 2022-08-04T19:10:49Z logger.go:66:           - kind       = "Connect"
TestTerraformCompleteExample 2022-08-04T19:10:49Z logger.go:66:           - metadata   = {
TestTerraformCompleteExample 2022-08-04T19:10:49Z logger.go:66:               - name      = "connect"
TestTerraformCompleteExample 2022-08-04T19:10:49Z logger.go:66:               - namespace = "confluent"
TestTerraformCompleteExample 2022-08-04T19:10:49Z logger.go:66:             }
TestTerraformCompleteExample 2022-08-04T19:10:49Z logger.go:66:           - spec       = {
TestTerraformCompleteExample 2022-08-04T19:10:49Z logger.go:66:               - build        = {
TestTerraformCompleteExample 2022-08-04T19:10:49Z logger.go:66:                   - onDemand = {
TestTerraformCompleteExample 2022-08-04T19:10:49Z logger.go:66:                       - plugins = {
TestTerraformCompleteExample 2022-08-04T19:10:49Z logger.go:66:                           - confluentHub = [
TestTerraformCompleteExample 2022-08-04T19:10:49Z logger.go:66:                               - {
TestTerraformCompleteExample 2022-08-04T19:10:49Z logger.go:66:                                   - name    = "kafka-connect-datagen"
TestTerraformCompleteExample 2022-08-04T19:10:49Z logger.go:66:                                   - owner   = "confluentinc"
TestTerraformCompleteExample 2022-08-04T19:10:49Z logger.go:66:                                   - version = "0.5.2"
TestTerraformCompleteExample 2022-08-04T19:10:49Z logger.go:66:                                 },
TestTerraformCompleteExample 2022-08-04T19:10:49Z logger.go:66:                             ]
TestTerraformCompleteExample 2022-08-04T19:10:49Z logger.go:66:                           - locationType = "confluentHub"
TestTerraformCompleteExample 2022-08-04T19:10:49Z logger.go:66:                         }
TestTerraformCompleteExample 2022-08-04T19:10:49Z logger.go:66:                     }
TestTerraformCompleteExample 2022-08-04T19:10:49Z logger.go:66:                   - type     = "onDemand"
TestTerraformCompleteExample 2022-08-04T19:10:49Z logger.go:66:                 }
TestTerraformCompleteExample 2022-08-04T19:10:49Z logger.go:66:               - dependencies = {
TestTerraformCompleteExample 2022-08-04T19:10:49Z logger.go:66:                   - kafka = {
TestTerraformCompleteExample 2022-08-04T19:10:49Z logger.go:66:                       - bootstrapEndpoint = "kafka:9071"
TestTerraformCompleteExample 2022-08-04T19:10:49Z logger.go:66:                     }
TestTerraformCompleteExample 2022-08-04T19:10:49Z logger.go:66:                 }
TestTerraformCompleteExample 2022-08-04T19:10:49Z logger.go:66:               - image        = {
TestTerraformCompleteExample 2022-08-04T19:10:49Z logger.go:66:                   - application = "confluentinc/cp-server-connect:7.2.0"
TestTerraformCompleteExample 2022-08-04T19:10:49Z logger.go:66:                   - init        = "confluentinc/confluent-init-container:2.4.0"
TestTerraformCompleteExample 2022-08-04T19:10:49Z logger.go:66:                 }
TestTerraformCompleteExample 2022-08-04T19:10:49Z logger.go:66:               - replicas     = 1
TestTerraformCompleteExample 2022-08-04T19:10:49Z logger.go:66:             }
TestTerraformCompleteExample 2022-08-04T19:10:49Z logger.go:66:         } -> null
TestTerraformCompleteExample 2022-08-04T19:10:49Z logger.go:66:       - object          = {
TestTerraformCompleteExample 2022-08-04T19:10:49Z logger.go:66:           - apiVersion = "platform.confluent.io/v1beta1"
TestTerraformCompleteExample 2022-08-04T19:10:49Z logger.go:66:           - kind       = "Connect"
TestTerraformCompleteExample 2022-08-04T19:10:49Z logger.go:66:           - metadata   = {
TestTerraformCompleteExample 2022-08-04T19:10:49Z logger.go:66:               - annotations                = null
TestTerraformCompleteExample 2022-08-04T19:10:49Z logger.go:66:               - clusterName                = null
TestTerraformCompleteExample 2022-08-04T19:10:49Z logger.go:66:               - creationTimestamp          = null
TestTerraformCompleteExample 2022-08-04T19:10:49Z logger.go:66:               - deletionGracePeriodSeconds = null
TestTerraformCompleteExample 2022-08-04T19:10:49Z logger.go:66:               - deletionTimestamp          = null
TestTerraformCompleteExample 2022-08-04T19:10:49Z logger.go:66:               - finalizers                 = [
TestTerraformCompleteExample 2022-08-04T19:10:49Z logger.go:66:                   - "connect.finalizers.platform.confluent.io",
TestTerraformCompleteExample 2022-08-04T19:10:49Z logger.go:66:                 ]
TestTerraformCompleteExample 2022-08-04T19:10:49Z logger.go:66:               - generateName               = null
TestTerraformCompleteExample 2022-08-04T19:10:49Z logger.go:66:               - generation                 = null
TestTerraformCompleteExample 2022-08-04T19:10:49Z logger.go:66:               - labels                     = null
TestTerraformCompleteExample 2022-08-04T19:10:49Z logger.go:66:               - managedFields              = null
TestTerraformCompleteExample 2022-08-04T19:10:49Z logger.go:66:               - name                       = "connect"
TestTerraformCompleteExample 2022-08-04T19:10:49Z logger.go:66:               - namespace                  = "confluent"
TestTerraformCompleteExample 2022-08-04T19:10:49Z logger.go:66:               - ownerReferences            = null
TestTerraformCompleteExample 2022-08-04T19:10:49Z logger.go:66:               - resourceVersion            = null
TestTerraformCompleteExample 2022-08-04T19:10:49Z logger.go:66:               - selfLink                   = null
TestTerraformCompleteExample 2022-08-04T19:10:49Z logger.go:66:               - uid                        = null
TestTerraformCompleteExample 2022-08-04T19:10:49Z logger.go:66:             }
TestTerraformCompleteExample 2022-08-04T19:10:49Z logger.go:66:           - spec       = {
TestTerraformCompleteExample 2022-08-04T19:10:49Z logger.go:66:               - authentication                 = {
TestTerraformCompleteExample 2022-08-04T19:10:49Z logger.go:66:                   - basic = {
TestTerraformCompleteExample 2022-08-04T19:10:49Z logger.go:66:                       - debug                    = null
TestTerraformCompleteExample 2022-08-04T19:10:49Z logger.go:66:                       - directoryPathInContainer = null
TestTerraformCompleteExample 2022-08-04T19:10:49Z logger.go:66:                       - restrictedRoles          = null
TestTerraformCompleteExample 2022-08-04T19:10:49Z logger.go:66:                       - roles                    = null
TestTerraformCompleteExample 2022-08-04T19:10:49Z logger.go:66:                       - secretRef                = null
TestTerraformCompleteExample 2022-08-04T19:10:49Z logger.go:66:                     }
TestTerraformCompleteExample 2022-08-04T19:10:49Z logger.go:66:                   - type  = null
TestTerraformCompleteExample 2022-08-04T19:10:49Z logger.go:66:                 }
TestTerraformCompleteExample 2022-08-04T19:10:49Z logger.go:66:               - authorization                  = {
TestTerraformCompleteExample 2022-08-04T19:10:49Z logger.go:66:                   - kafkaRestClassRef = {
TestTerraformCompleteExample 2022-08-04T19:10:49Z logger.go:66:                       - name      = null
TestTerraformCompleteExample 2022-08-04T19:10:49Z logger.go:66:                       - namespace = null
TestTerraformCompleteExample 2022-08-04T19:10:49Z logger.go:66:                     }
TestTerraformCompleteExample 2022-08-04T19:10:49Z logger.go:66:                   - type              = null
TestTerraformCompleteExample 2022-08-04T19:10:49Z logger.go:66:                 }
TestTerraformCompleteExample 2022-08-04T19:10:49Z logger.go:66:               - build                          = {
TestTerraformCompleteExample 2022-08-04T19:10:49Z logger.go:66:                   - onDemand = {
TestTerraformCompleteExample 2022-08-04T19:10:49Z logger.go:66:                       - plugins      = {
TestTerraformCompleteExample 2022-08-04T19:10:49Z logger.go:66:                           - confluentHub = [
TestTerraformCompleteExample 2022-08-04T19:10:49Z logger.go:66:                               - {
TestTerraformCompleteExample 2022-08-04T19:10:49Z logger.go:66:                                   - name    = "kafka-connect-datagen"
TestTerraformCompleteExample 2022-08-04T19:10:49Z logger.go:66:                                   - owner   = "confluentinc"
TestTerraformCompleteExample 2022-08-04T19:10:49Z logger.go:66:                                   - version = "0.5.2"
TestTerraformCompleteExample 2022-08-04T19:10:49Z logger.go:66:                                 },
TestTerraformCompleteExample 2022-08-04T19:10:49Z logger.go:66:                             ]
TestTerraformCompleteExample 2022-08-04T19:10:49Z logger.go:66:                           - locationType = "confluentHub"
TestTerraformCompleteExample 2022-08-04T19:10:49Z logger.go:66:                           - url          = null
TestTerraformCompleteExample 2022-08-04T19:10:49Z logger.go:66:                         }
TestTerraformCompleteExample 2022-08-04T19:10:49Z logger.go:66:                       - storageLimit = null
TestTerraformCompleteExample 2022-08-04T19:10:49Z logger.go:66:                     }
TestTerraformCompleteExample 2022-08-04T19:10:49Z logger.go:66:                   - type     = "onDemand"
TestTerraformCompleteExample 2022-08-04T19:10:49Z logger.go:66:                 }
TestTerraformCompleteExample 2022-08-04T19:10:49Z logger.go:66:               - configOverrides                = {
TestTerraformCompleteExample 2022-08-04T19:10:49Z logger.go:66:                   - jvm    = null
TestTerraformCompleteExample 2022-08-04T19:10:49Z logger.go:66:                   - log4j  = null
TestTerraformCompleteExample 2022-08-04T19:10:49Z logger.go:66:                   - server = null
TestTerraformCompleteExample 2022-08-04T19:10:49Z logger.go:66:                 }
TestTerraformCompleteExample 2022-08-04T19:10:49Z logger.go:66:               - connectorOverridePolicy        = null
TestTerraformCompleteExample 2022-08-04T19:10:49Z logger.go:66:               - connectorTLSCerts              = null
TestTerraformCompleteExample 2022-08-04T19:10:49Z logger.go:66:               - dependencies                   = {
TestTerraformCompleteExample 2022-08-04T19:10:49Z logger.go:66:                   - admin          = {
TestTerraformCompleteExample 2022-08-04T19:10:49Z logger.go:66:                       - authentication    = {
TestTerraformCompleteExample 2022-08-04T19:10:49Z logger.go:66:                           - jaasConfig            = {
TestTerraformCompleteExample 2022-08-04T19:10:49Z logger.go:66:                               - secretRef = null
TestTerraformCompleteExample 2022-08-04T19:10:49Z logger.go:66:                             }
TestTerraformCompleteExample 2022-08-04T19:10:49Z logger.go:66:                           - jaasConfigPassThrough = {
TestTerraformCompleteExample 2022-08-04T19:10:49Z logger.go:66:                               - directoryPathInContainer = null
TestTerraformCompleteExample 2022-08-04T19:10:49Z logger.go:66:                               - secretRef                = null
TestTerraformCompleteExample 2022-08-04T19:10:49Z logger.go:66:                             }
TestTerraformCompleteExample 2022-08-04T19:10:49Z logger.go:66:                           - oauthbearer           = {
TestTerraformCompleteExample 2022-08-04T19:10:49Z logger.go:66:                               - directoryPathInContainer = null
TestTerraformCompleteExample 2022-08-04T19:10:49Z logger.go:66:                               - secretRef                = null
TestTerraformCompleteExample 2022-08-04T19:10:49Z logger.go:66:                             }
TestTerraformCompleteExample 2022-08-04T19:10:49Z logger.go:66:                           - type                  = null
TestTerraformCompleteExample 2022-08-04T19:10:49Z logger.go:66:                         }
TestTerraformCompleteExample 2022-08-04T19:10:49Z logger.go:66:                       - bootstrapEndpoint = null
TestTerraformCompleteExample 2022-08-04T19:10:49Z logger.go:66:                       - discovery         = {
TestTerraformCompleteExample 2022-08-04T19:10:49Z logger.go:66:                           - name      = null
TestTerraformCompleteExample 2022-08-04T19:10:49Z logger.go:66:                           - namespace = null
TestTerraformCompleteExample 2022-08-04T19:10:49Z logger.go:66:                           - secretRef = null
TestTerraformCompleteExample 2022-08-04T19:10:49Z logger.go:66:                         }
TestTerraformCompleteExample 2022-08-04T19:10:49Z logger.go:66:                       - tls               = {
TestTerraformCompleteExample 2022-08-04T19:10:49Z logger.go:66:                           - directoryPathInContainer = null
TestTerraformCompleteExample 2022-08-04T19:10:49Z logger.go:66:                           - enabled                  = null
TestTerraformCompleteExample 2022-08-04T19:10:49Z logger.go:66:                           - ignoreTrustStoreConfig   = null
TestTerraformCompleteExample 2022-08-04T19:10:49Z logger.go:66:                           - jksPassword              = {
TestTerraformCompleteExample 2022-08-04T19:10:49Z logger.go:66:                               - secretRef = null
TestTerraformCompleteExample 2022-08-04T19:10:49Z logger.go:66:                             }
TestTerraformCompleteExample 2022-08-04T19:10:49Z logger.go:66:                           - secretRef                = null
TestTerraformCompleteExample 2022-08-04T19:10:49Z logger.go:66:                         }
TestTerraformCompleteExample 2022-08-04T19:10:49Z logger.go:66:                     }
TestTerraformCompleteExample 2022-08-04T19:10:49Z logger.go:66:                   - consumer       = {
TestTerraformCompleteExample 2022-08-04T19:10:49Z logger.go:66:                       - authentication    = {
TestTerraformCompleteExample 2022-08-04T19:10:49Z logger.go:66:                           - jaasConfig            = {
TestTerraformCompleteExample 2022-08-04T19:10:49Z logger.go:66:                               - secretRef = null
TestTerraformCompleteExample 2022-08-04T19:10:49Z logger.go:66:                             }
TestTerraformCompleteExample 2022-08-04T19:10:49Z logger.go:66:                           - jaasConfigPassThrough = {
TestTerraformCompleteExample 2022-08-04T19:10:49Z logger.go:66:                               - directoryPathInContainer = null
TestTerraformCompleteExample 2022-08-04T19:10:49Z logger.go:66:                               - secretRef                = null
TestTerraformCompleteExample 2022-08-04T19:10:49Z logger.go:66:                             }
TestTerraformCompleteExample 2022-08-04T19:10:49Z logger.go:66:                           - oauthbearer           = {
TestTerraformCompleteExample 2022-08-04T19:10:49Z logger.go:66:                               - directoryPathInContainer = null
TestTerraformCompleteExample 2022-08-04T19:10:49Z logger.go:66:                               - secretRef                = null
TestTerraformCompleteExample 2022-08-04T19:10:49Z logger.go:66:                             }
TestTerraformCompleteExample 2022-08-04T19:10:49Z logger.go:66:                           - type                  = null
TestTerraformCompleteExample 2022-08-04T19:10:49Z logger.go:66:                         }
TestTerraformCompleteExample 2022-08-04T19:10:49Z logger.go:66:                       - bootstrapEndpoint = null
TestTerraformCompleteExample 2022-08-04T19:10:49Z logger.go:66:                       - discovery         = {
TestTerraformCompleteExample 2022-08-04T19:10:49Z logger.go:66:                           - name      = null
TestTerraformCompleteExample 2022-08-04T19:10:49Z logger.go:66:                           - namespace = null
TestTerraformCompleteExample 2022-08-04T19:10:49Z logger.go:66:                           - secretRef = null
TestTerraformCompleteExample 2022-08-04T19:10:49Z logger.go:66:                         }
TestTerraformCompleteExample 2022-08-04T19:10:49Z logger.go:66:                       - tls               = {
TestTerraformCompleteExample 2022-08-04T19:10:49Z logger.go:66:                           - directoryPathInContainer = null
TestTerraformCompleteExample 2022-08-04T19:10:49Z logger.go:66:                           - enabled                  = null
TestTerraformCompleteExample 2022-08-04T19:10:49Z logger.go:66:                           - ignoreTrustStoreConfig   = null
TestTerraformCompleteExample 2022-08-04T19:10:49Z logger.go:66:                           - jksPassword              = {
TestTerraformCompleteExample 2022-08-04T19:10:49Z logger.go:66:                               - secretRef = null
TestTerraformCompleteExample 2022-08-04T19:10:49Z logger.go:66:                             }
TestTerraformCompleteExample 2022-08-04T19:10:49Z logger.go:66:                           - secretRef                = null
TestTerraformCompleteExample 2022-08-04T19:10:49Z logger.go:66:                         }
TestTerraformCompleteExample 2022-08-04T19:10:49Z logger.go:66:                     }
TestTerraformCompleteExample 2022-08-04T19:10:49Z logger.go:66:                   - interceptor    = {
TestTerraformCompleteExample 2022-08-04T19:10:49Z logger.go:66:                       - configs   = null
TestTerraformCompleteExample 2022-08-04T19:10:49Z logger.go:66:                       - consumer  = {
TestTerraformCompleteExample 2022-08-04T19:10:49Z logger.go:66:                           - authentication    = {
TestTerraformCompleteExample 2022-08-04T19:10:49Z logger.go:66:                               - jaasConfig            = {
TestTerraformCompleteExample 2022-08-04T19:10:49Z logger.go:66:                                   - secretRef = null
TestTerraformCompleteExample 2022-08-04T19:10:49Z logger.go:66:                                 }
TestTerraformCompleteExample 2022-08-04T19:10:49Z logger.go:66:                               - jaasConfigPassThrough = {
TestTerraformCompleteExample 2022-08-04T19:10:49Z logger.go:66:                                   - directoryPathInContainer = null
TestTerraformCompleteExample 2022-08-04T19:10:49Z logger.go:66:                                   - secretRef                = null
TestTerraformCompleteExample 2022-08-04T19:10:49Z logger.go:66:                                 }
TestTerraformCompleteExample 2022-08-04T19:10:49Z logger.go:66:                               - oauthbearer           = {
TestTerraformCompleteExample 2022-08-04T19:10:49Z logger.go:66:                                   - directoryPathInContainer = null
TestTerraformCompleteExample 2022-08-04T19:10:49Z logger.go:66:                                   - secretRef                = null
TestTerraformCompleteExample 2022-08-04T19:10:49Z logger.go:66:                                 }
TestTerraformCompleteExample 2022-08-04T19:10:49Z logger.go:66:                               - type                  = null
TestTerraformCompleteExample 2022-08-04T19:10:49Z logger.go:66:                             }
TestTerraformCompleteExample 2022-08-04T19:10:49Z logger.go:66:                           - bootstrapEndpoint = null
TestTerraformCompleteExample 2022-08-04T19:10:49Z logger.go:66:                           - discovery         = {
TestTerraformCompleteExample 2022-08-04T19:10:49Z logger.go:66:                               - name      = null
TestTerraformCompleteExample 2022-08-04T19:10:49Z logger.go:66:                               - namespace = null
TestTerraformCompleteExample 2022-08-04T19:10:49Z logger.go:66:                               - secretRef = null
TestTerraformCompleteExample 2022-08-04T19:10:49Z logger.go:66:                             }
TestTerraformCompleteExample 2022-08-04T19:10:49Z logger.go:66:                           - tls               = {
TestTerraformCompleteExample 2022-08-04T19:10:49Z logger.go:66:                               - directoryPathInContainer = null
TestTerraformCompleteExample 2022-08-04T19:10:49Z logger.go:66:                               - enabled                  = null
TestTerraformCompleteExample 2022-08-04T19:10:49Z logger.go:66:                               - ignoreTrustStoreConfig   = null
TestTerraformCompleteExample 2022-08-04T19:10:49Z logger.go:66:                               - jksPassword              = {
TestTerraformCompleteExample 2022-08-04T19:10:49Z logger.go:66:                                   - secretRef = null
TestTerraformCompleteExample 2022-08-04T19:10:49Z logger.go:66:                                 }
TestTerraformCompleteExample 2022-08-04T19:10:49Z logger.go:66:                               - secretRef                = null
TestTerraformCompleteExample 2022-08-04T19:10:49Z logger.go:66:                             }
TestTerraformCompleteExample 2022-08-04T19:10:49Z logger.go:66:                         }
TestTerraformCompleteExample 2022-08-04T19:10:49Z logger.go:66:                       - enabled   = null
TestTerraformCompleteExample 2022-08-04T19:10:49Z logger.go:66:                       - producer  = {
TestTerraformCompleteExample 2022-08-04T19:10:49Z logger.go:66:                           - authentication    = {
TestTerraformCompleteExample 2022-08-04T19:10:49Z logger.go:66:                               - jaasConfig            = {
TestTerraformCompleteExample 2022-08-04T19:10:49Z logger.go:66:                                   - secretRef = null
TestTerraformCompleteExample 2022-08-04T19:10:49Z logger.go:66:                                 }
TestTerraformCompleteExample 2022-08-04T19:10:49Z logger.go:66:                               - jaasConfigPassThrough = {
TestTerraformCompleteExample 2022-08-04T19:10:49Z logger.go:66:                                   - directoryPathInContainer = null
TestTerraformCompleteExample 2022-08-04T19:10:49Z logger.go:66:                                   - secretRef                = null
TestTerraformCompleteExample 2022-08-04T19:10:49Z logger.go:66:                                 }
TestTerraformCompleteExample 2022-08-04T19:10:49Z logger.go:66:                               - oauthbearer           = {
TestTerraformCompleteExample 2022-08-04T19:10:49Z logger.go:66:                                   - directoryPathInContainer = null
TestTerraformCompleteExample 2022-08-04T19:10:49Z logger.go:66:                                   - secretRef                = null
TestTerraformCompleteExample 2022-08-04T19:10:49Z logger.go:66:                                 }
TestTerraformCompleteExample 2022-08-04T19:10:49Z logger.go:66:                               - type                  = null
TestTerraformCompleteExample 2022-08-04T19:10:49Z logger.go:66:                             }
TestTerraformCompleteExample 2022-08-04T19:10:49Z logger.go:66:                           - bootstrapEndpoint = null
TestTerraformCompleteExample 2022-08-04T19:10:49Z logger.go:66:                           - discovery         = {
TestTerraformCompleteExample 2022-08-04T19:10:49Z logger.go:66:                               - name      = null
TestTerraformCompleteExample 2022-08-04T19:10:49Z logger.go:66:                               - namespace = null
TestTerraformCompleteExample 2022-08-04T19:10:49Z logger.go:66:                               - secretRef = null
TestTerraformCompleteExample 2022-08-04T19:10:49Z logger.go:66:                             }
TestTerraformCompleteExample 2022-08-04T19:10:49Z logger.go:66:                           - tls               = {
TestTerraformCompleteExample 2022-08-04T19:10:49Z logger.go:66:                               - directoryPathInContainer = null
TestTerraformCompleteExample 2022-08-04T19:10:49Z logger.go:66:                               - enabled                  = null
TestTerraformCompleteExample 2022-08-04T19:10:49Z logger.go:66:                               - ignoreTrustStoreConfig   = null
TestTerraformCompleteExample 2022-08-04T19:10:49Z logger.go:66:                               - jksPassword              = {
TestTerraformCompleteExample 2022-08-04T19:10:49Z logger.go:66:                                   - secretRef = null
TestTerraformCompleteExample 2022-08-04T19:10:49Z logger.go:66:                                 }
TestTerraformCompleteExample 2022-08-04T19:10:49Z logger.go:66:                               - secretRef                = null
TestTerraformCompleteExample 2022-08-04T19:10:49Z logger.go:66:                             }
TestTerraformCompleteExample 2022-08-04T19:10:49Z logger.go:66:                         }
TestTerraformCompleteExample 2022-08-04T19:10:49Z logger.go:66:                       - publishMs = null
TestTerraformCompleteExample 2022-08-04T19:10:49Z logger.go:66:                     }
TestTerraformCompleteExample 2022-08-04T19:10:49Z logger.go:66:                   - kafka          = {
TestTerraformCompleteExample 2022-08-04T19:10:49Z logger.go:66:                       - authentication    = {
TestTerraformCompleteExample 2022-08-04T19:10:49Z logger.go:66:                           - jaasConfig            = {
TestTerraformCompleteExample 2022-08-04T19:10:49Z logger.go:66:                               - secretRef = null
TestTerraformCompleteExample 2022-08-04T19:10:49Z logger.go:66:                             }
TestTerraformCompleteExample 2022-08-04T19:10:49Z logger.go:66:                           - jaasConfigPassThrough = {
TestTerraformCompleteExample 2022-08-04T19:10:49Z logger.go:66:                               - directoryPathInContainer = null
TestTerraformCompleteExample 2022-08-04T19:10:49Z logger.go:66:                               - secretRef                = null
TestTerraformCompleteExample 2022-08-04T19:10:49Z logger.go:66:                             }
TestTerraformCompleteExample 2022-08-04T19:10:49Z logger.go:66:                           - oauthbearer           = {
TestTerraformCompleteExample 2022-08-04T19:10:49Z logger.go:66:                               - directoryPathInContainer = null
TestTerraformCompleteExample 2022-08-04T19:10:49Z logger.go:66:                               - secretRef                = null
TestTerraformCompleteExample 2022-08-04T19:10:49Z logger.go:66:                             }
TestTerraformCompleteExample 2022-08-04T19:10:49Z logger.go:66:                           - type                  = null
TestTerraformCompleteExample 2022-08-04T19:10:49Z logger.go:66:                         }
TestTerraformCompleteExample 2022-08-04T19:10:49Z logger.go:66:                       - bootstrapEndpoint = "kafka:9071"
TestTerraformCompleteExample 2022-08-04T19:10:49Z logger.go:66:                       - discovery         = {
TestTerraformCompleteExample 2022-08-04T19:10:49Z logger.go:66:                           - name      = null
TestTerraformCompleteExample 2022-08-04T19:10:49Z logger.go:66:                           - namespace = null
TestTerraformCompleteExample 2022-08-04T19:10:49Z logger.go:66:                           - secretRef = null
TestTerraformCompleteExample 2022-08-04T19:10:49Z logger.go:66:                         }
TestTerraformCompleteExample 2022-08-04T19:10:49Z logger.go:66:                       - tls               = {
TestTerraformCompleteExample 2022-08-04T19:10:49Z logger.go:66:                           - directoryPathInContainer = null
TestTerraformCompleteExample 2022-08-04T19:10:49Z logger.go:66:                           - enabled                  = null
TestTerraformCompleteExample 2022-08-04T19:10:49Z logger.go:66:                           - ignoreTrustStoreConfig   = null
TestTerraformCompleteExample 2022-08-04T19:10:49Z logger.go:66:                           - jksPassword              = {
TestTerraformCompleteExample 2022-08-04T19:10:49Z logger.go:66:                               - secretRef = null
TestTerraformCompleteExample 2022-08-04T19:10:49Z logger.go:66:                             }
TestTerraformCompleteExample 2022-08-04T19:10:49Z logger.go:66:                           - secretRef                = null
TestTerraformCompleteExample 2022-08-04T19:10:49Z logger.go:66:                         }
TestTerraformCompleteExample 2022-08-04T19:10:49Z logger.go:66:                     }
TestTerraformCompleteExample 2022-08-04T19:10:49Z logger.go:66:                   - mds            = {
TestTerraformCompleteExample 2022-08-04T19:10:49Z logger.go:66:                       - authentication = {
TestTerraformCompleteExample 2022-08-04T19:10:49Z logger.go:66:                           - bearer = {
TestTerraformCompleteExample 2022-08-04T19:10:49Z logger.go:66:                               - directoryPathInContainer = null
TestTerraformCompleteExample 2022-08-04T19:10:49Z logger.go:66:                               - secretRef                = null
TestTerraformCompleteExample 2022-08-04T19:10:49Z logger.go:66:                             }
TestTerraformCompleteExample 2022-08-04T19:10:49Z logger.go:66:                           - type   = null
TestTerraformCompleteExample 2022-08-04T19:10:49Z logger.go:66:                         }
TestTerraformCompleteExample 2022-08-04T19:10:49Z logger.go:66:                       - endpoint       = null
TestTerraformCompleteExample 2022-08-04T19:10:49Z logger.go:66:                       - tls            = {
TestTerraformCompleteExample 2022-08-04T19:10:49Z logger.go:66:                           - directoryPathInContainer = null
TestTerraformCompleteExample 2022-08-04T19:10:49Z logger.go:66:                           - enabled                  = null
TestTerraformCompleteExample 2022-08-04T19:10:49Z logger.go:66:                           - ignoreTrustStoreConfig   = null
TestTerraformCompleteExample 2022-08-04T19:10:49Z logger.go:66:                           - jksPassword              = {
TestTerraformCompleteExample 2022-08-04T19:10:49Z logger.go:66:                               - secretRef = null
TestTerraformCompleteExample 2022-08-04T19:10:49Z logger.go:66:                             }
TestTerraformCompleteExample 2022-08-04T19:10:49Z logger.go:66:                           - secretRef                = null
TestTerraformCompleteExample 2022-08-04T19:10:49Z logger.go:66:                         }
TestTerraformCompleteExample 2022-08-04T19:10:49Z logger.go:66:                       - tokenKeyPair   = {
TestTerraformCompleteExample 2022-08-04T19:10:49Z logger.go:66:                           - directoryPathInContainer = null
TestTerraformCompleteExample 2022-08-04T19:10:49Z logger.go:66:                           - secretRef                = null
TestTerraformCompleteExample 2022-08-04T19:10:49Z logger.go:66:                         }
TestTerraformCompleteExample 2022-08-04T19:10:49Z logger.go:66:                     }
TestTerraformCompleteExample 2022-08-04T19:10:49Z logger.go:66:                   - producer       = {
TestTerraformCompleteExample 2022-08-04T19:10:49Z logger.go:66:                       - authentication    = {
TestTerraformCompleteExample 2022-08-04T19:10:49Z logger.go:66:                           - jaasConfig            = {
TestTerraformCompleteExample 2022-08-04T19:10:49Z logger.go:66:                               - secretRef = null
TestTerraformCompleteExample 2022-08-04T19:10:49Z logger.go:66:                             }
TestTerraformCompleteExample 2022-08-04T19:10:49Z logger.go:66:                           - jaasConfigPassThrough = {
TestTerraformCompleteExample 2022-08-04T19:10:49Z logger.go:66:                               - directoryPathInContainer = null
TestTerraformCompleteExample 2022-08-04T19:10:49Z logger.go:66:                               - secretRef                = null
TestTerraformCompleteExample 2022-08-04T19:10:49Z logger.go:66:                             }
TestTerraformCompleteExample 2022-08-04T19:10:49Z logger.go:66:                           - oauthbearer           = {
TestTerraformCompleteExample 2022-08-04T19:10:49Z logger.go:66:                               - directoryPathInContainer = null
TestTerraformCompleteExample 2022-08-04T19:10:49Z logger.go:66:                               - secretRef                = null
TestTerraformCompleteExample 2022-08-04T19:10:49Z logger.go:66:                             }
TestTerraformCompleteExample 2022-08-04T19:10:49Z logger.go:66:                           - type                  = null
TestTerraformCompleteExample 2022-08-04T19:10:49Z logger.go:66:                         }
TestTerraformCompleteExample 2022-08-04T19:10:49Z logger.go:66:                       - bootstrapEndpoint = null
TestTerraformCompleteExample 2022-08-04T19:10:49Z logger.go:66:                       - discovery         = {
TestTerraformCompleteExample 2022-08-04T19:10:49Z logger.go:66:                           - name      = null
TestTerraformCompleteExample 2022-08-04T19:10:49Z logger.go:66:                           - namespace = null
TestTerraformCompleteExample 2022-08-04T19:10:49Z logger.go:66:                           - secretRef = null
TestTerraformCompleteExample 2022-08-04T19:10:49Z logger.go:66:                         }
TestTerraformCompleteExample 2022-08-04T19:10:49Z logger.go:66:                       - tls               = {
TestTerraformCompleteExample 2022-08-04T19:10:49Z logger.go:66:                           - directoryPathInContainer = null
TestTerraformCompleteExample 2022-08-04T19:10:49Z logger.go:66:                           - enabled                  = null
TestTerraformCompleteExample 2022-08-04T19:10:49Z logger.go:66:                           - ignoreTrustStoreConfig   = null
TestTerraformCompleteExample 2022-08-04T19:10:49Z logger.go:66:                           - jksPassword              = {
TestTerraformCompleteExample 2022-08-04T19:10:49Z logger.go:66:                               - secretRef = null
TestTerraformCompleteExample 2022-08-04T19:10:49Z logger.go:66:                             }
TestTerraformCompleteExample 2022-08-04T19:10:49Z logger.go:66:                           - secretRef                = null
TestTerraformCompleteExample 2022-08-04T19:10:49Z logger.go:66:                         }
TestTerraformCompleteExample 2022-08-04T19:10:49Z logger.go:66:                     }
TestTerraformCompleteExample 2022-08-04T19:10:49Z logger.go:66:                   - schemaRegistry = {
TestTerraformCompleteExample 2022-08-04T19:10:49Z logger.go:66:                       - authentication = {
TestTerraformCompleteExample 2022-08-04T19:10:49Z logger.go:66:                           - basic = {
TestTerraformCompleteExample 2022-08-04T19:10:49Z logger.go:66:                               - debug                    = null
TestTerraformCompleteExample 2022-08-04T19:10:49Z logger.go:66:                               - directoryPathInContainer = null
TestTerraformCompleteExample 2022-08-04T19:10:49Z logger.go:66:                               - restrictedRoles          = null
TestTerraformCompleteExample 2022-08-04T19:10:49Z logger.go:66:                               - roles                    = null
TestTerraformCompleteExample 2022-08-04T19:10:49Z logger.go:66:                               - secretRef                = null
TestTerraformCompleteExample 2022-08-04T19:10:49Z logger.go:66:                             }
TestTerraformCompleteExample 2022-08-04T19:10:49Z logger.go:66:                           - type  = null
TestTerraformCompleteExample 2022-08-04T19:10:49Z logger.go:66:                         }
TestTerraformCompleteExample 2022-08-04T19:10:49Z logger.go:66:                       - tls            = {
TestTerraformCompleteExample 2022-08-04T19:10:49Z logger.go:66:                           - directoryPathInContainer = null
TestTerraformCompleteExample 2022-08-04T19:10:49Z logger.go:66:                           - enabled                  = null
TestTerraformCompleteExample 2022-08-04T19:10:49Z logger.go:66:                           - ignoreTrustStoreConfig   = null
TestTerraformCompleteExample 2022-08-04T19:10:49Z logger.go:66:                           - jksPassword              = {
TestTerraformCompleteExample 2022-08-04T19:10:49Z logger.go:66:                               - secretRef = null
TestTerraformCompleteExample 2022-08-04T19:10:49Z logger.go:66:                             }
TestTerraformCompleteExample 2022-08-04T19:10:49Z logger.go:66:                           - secretRef                = null
TestTerraformCompleteExample 2022-08-04T19:10:49Z logger.go:66:                         }
TestTerraformCompleteExample 2022-08-04T19:10:49Z logger.go:66:                       - url            = null
TestTerraformCompleteExample 2022-08-04T19:10:49Z logger.go:66:                     }
TestTerraformCompleteExample 2022-08-04T19:10:49Z logger.go:66:                 }
TestTerraformCompleteExample 2022-08-04T19:10:49Z logger.go:66:               - enableSchemas                  = null
TestTerraformCompleteExample 2022-08-04T19:10:49Z logger.go:66:               - externalAccess                 = {
TestTerraformCompleteExample 2022-08-04T19:10:49Z logger.go:66:                   - loadBalancer = {
TestTerraformCompleteExample 2022-08-04T19:10:49Z logger.go:66:                       - advertisedURL            = {
TestTerraformCompleteExample 2022-08-04T19:10:49Z logger.go:66:                           - enabled = null
TestTerraformCompleteExample 2022-08-04T19:10:49Z logger.go:66:                           - prefix  = null
TestTerraformCompleteExample 2022-08-04T19:10:49Z logger.go:66:                         }
TestTerraformCompleteExample 2022-08-04T19:10:49Z logger.go:66:                       - annotations              = null
TestTerraformCompleteExample 2022-08-04T19:10:49Z logger.go:66:                       - domain                   = null
TestTerraformCompleteExample 2022-08-04T19:10:49Z logger.go:66:                       - externalTrafficPolicy    = null
TestTerraformCompleteExample 2022-08-04T19:10:49Z logger.go:66:                       - labels                   = null
TestTerraformCompleteExample 2022-08-04T19:10:49Z logger.go:66:                       - loadBalancerSourceRanges = null
TestTerraformCompleteExample 2022-08-04T19:10:49Z logger.go:66:                       - port                     = null
TestTerraformCompleteExample 2022-08-04T19:10:49Z logger.go:66:                       - prefix                   = null
TestTerraformCompleteExample 2022-08-04T19:10:49Z logger.go:66:                       - servicePorts             = null
TestTerraformCompleteExample 2022-08-04T19:10:49Z logger.go:66:                       - sessionAffinity          = null
TestTerraformCompleteExample 2022-08-04T19:10:49Z logger.go:66:                       - sessionAffinityConfig    = {
TestTerraformCompleteExample 2022-08-04T19:10:49Z logger.go:66:                           - clientIP = {
TestTerraformCompleteExample 2022-08-04T19:10:49Z logger.go:66:                               - timeoutSeconds = null
TestTerraformCompleteExample 2022-08-04T19:10:49Z logger.go:66:                             }
TestTerraformCompleteExample 2022-08-04T19:10:49Z logger.go:66:                         }
TestTerraformCompleteExample 2022-08-04T19:10:49Z logger.go:66:                     }
TestTerraformCompleteExample 2022-08-04T19:10:49Z logger.go:66:                   - nodePort     = {
TestTerraformCompleteExample 2022-08-04T19:10:49Z logger.go:66:                       - advertisedURL         = {
TestTerraformCompleteExample 2022-08-04T19:10:49Z logger.go:66:                           - enabled = null
TestTerraformCompleteExample 2022-08-04T19:10:49Z logger.go:66:                           - prefix  = null
TestTerraformCompleteExample 2022-08-04T19:10:49Z logger.go:66:                         }
TestTerraformCompleteExample 2022-08-04T19:10:49Z logger.go:66:                       - annotations           = null
TestTerraformCompleteExample 2022-08-04T19:10:49Z logger.go:66:                       - externalTrafficPolicy = null
TestTerraformCompleteExample 2022-08-04T19:10:49Z logger.go:66:                       - host                  = null
TestTerraformCompleteExample 2022-08-04T19:10:49Z logger.go:66:                       - labels                = null
TestTerraformCompleteExample 2022-08-04T19:10:49Z logger.go:66:                       - nodePortOffset        = null
TestTerraformCompleteExample 2022-08-04T19:10:49Z logger.go:66:                       - servicePorts          = null
TestTerraformCompleteExample 2022-08-04T19:10:49Z logger.go:66:                       - sessionAffinity       = null
TestTerraformCompleteExample 2022-08-04T19:10:49Z logger.go:66:                       - sessionAffinityConfig = {
TestTerraformCompleteExample 2022-08-04T19:10:49Z logger.go:66:                           - clientIP = {
TestTerraformCompleteExample 2022-08-04T19:10:49Z logger.go:66:                               - timeoutSeconds = null
TestTerraformCompleteExample 2022-08-04T19:10:49Z logger.go:66:                             }
TestTerraformCompleteExample 2022-08-04T19:10:49Z logger.go:66:                         }
TestTerraformCompleteExample 2022-08-04T19:10:49Z logger.go:66:                     }
TestTerraformCompleteExample 2022-08-04T19:10:49Z logger.go:66:                   - route        = {
TestTerraformCompleteExample 2022-08-04T19:10:49Z logger.go:66:                       - annotations    = null
TestTerraformCompleteExample 2022-08-04T19:10:49Z logger.go:66:                       - domain         = null
TestTerraformCompleteExample 2022-08-04T19:10:49Z logger.go:66:                       - labels         = null
TestTerraformCompleteExample 2022-08-04T19:10:49Z logger.go:66:                       - prefix         = null
TestTerraformCompleteExample 2022-08-04T19:10:49Z logger.go:66:                       - wildcardPolicy = null
TestTerraformCompleteExample 2022-08-04T19:10:49Z logger.go:66:                     }
TestTerraformCompleteExample 2022-08-04T19:10:49Z logger.go:66:                   - type         = null
TestTerraformCompleteExample 2022-08-04T19:10:49Z logger.go:66:                 }
TestTerraformCompleteExample 2022-08-04T19:10:49Z logger.go:66:               - headlessService                = {
TestTerraformCompleteExample 2022-08-04T19:10:49Z logger.go:66:                   - annotations              = null
TestTerraformCompleteExample 2022-08-04T19:10:49Z logger.go:66:                   - labels                   = null
TestTerraformCompleteExample 2022-08-04T19:10:49Z logger.go:66:                   - publishNotReadyAddresses = null
TestTerraformCompleteExample 2022-08-04T19:10:49Z logger.go:66:                 }
TestTerraformCompleteExample 2022-08-04T19:10:49Z logger.go:66:               - image                          = {
TestTerraformCompleteExample 2022-08-04T19:10:49Z logger.go:66:                   - application   = "confluentinc/cp-server-connect:7.2.0"
TestTerraformCompleteExample 2022-08-04T19:10:49Z logger.go:66:                   - init          = "confluentinc/confluent-init-container:2.4.0"
TestTerraformCompleteExample 2022-08-04T19:10:49Z logger.go:66:                   - pullPolicy    = null
TestTerraformCompleteExample 2022-08-04T19:10:49Z logger.go:66:                   - pullSecretRef = null
TestTerraformCompleteExample 2022-08-04T19:10:49Z logger.go:66:                 }
TestTerraformCompleteExample 2022-08-04T19:10:49Z logger.go:66:               - injectAnnotations              = null
TestTerraformCompleteExample 2022-08-04T19:10:49Z logger.go:66:               - injectLabels                   = null
TestTerraformCompleteExample 2022-08-04T19:10:49Z logger.go:66:               - internalTopicReplicationFactor = null
TestTerraformCompleteExample 2022-08-04T19:10:49Z logger.go:66:               - k8sClusterDomain               = null
TestTerraformCompleteExample 2022-08-04T19:10:49Z logger.go:66:               - keyConverterType               = null
TestTerraformCompleteExample 2022-08-04T19:10:49Z logger.go:66:               - license                        = {
TestTerraformCompleteExample 2022-08-04T19:10:49Z logger.go:66:                   - directoryPathInContainer = null
TestTerraformCompleteExample 2022-08-04T19:10:49Z logger.go:66:                   - globalLicense            = null
TestTerraformCompleteExample 2022-08-04T19:10:49Z logger.go:66:                   - secretRef                = null
TestTerraformCompleteExample 2022-08-04T19:10:49Z logger.go:66:                 }
TestTerraformCompleteExample 2022-08-04T19:10:49Z logger.go:66:               - metrics                        = {
TestTerraformCompleteExample 2022-08-04T19:10:49Z logger.go:66:                   - authentication = {
TestTerraformCompleteExample 2022-08-04T19:10:49Z logger.go:66:                       - type = null
TestTerraformCompleteExample 2022-08-04T19:10:49Z logger.go:66:                     }
TestTerraformCompleteExample 2022-08-04T19:10:49Z logger.go:66:                   - prometheus     = {
TestTerraformCompleteExample 2022-08-04T19:10:49Z logger.go:66:                       - blacklist = null
TestTerraformCompleteExample 2022-08-04T19:10:49Z logger.go:66:                       - rules     = null
TestTerraformCompleteExample 2022-08-04T19:10:49Z logger.go:66:                       - whitelist = null
TestTerraformCompleteExample 2022-08-04T19:10:49Z logger.go:66:                     }
TestTerraformCompleteExample 2022-08-04T19:10:49Z logger.go:66:                   - tls            = {
TestTerraformCompleteExample 2022-08-04T19:10:49Z logger.go:66:                       - directoryPathInContainer = null
TestTerraformCompleteExample 2022-08-04T19:10:49Z logger.go:66:                       - enabled                  = null
TestTerraformCompleteExample 2022-08-04T19:10:49Z logger.go:66:                       - ignoreTrustStoreConfig   = null
TestTerraformCompleteExample 2022-08-04T19:10:49Z logger.go:66:                       - jksPassword              = {
TestTerraformCompleteExample 2022-08-04T19:10:49Z logger.go:66:                           - secretRef = null
TestTerraformCompleteExample 2022-08-04T19:10:49Z logger.go:66:                         }
TestTerraformCompleteExample 2022-08-04T19:10:49Z logger.go:66:                       - secretRef                = null
TestTerraformCompleteExample 2022-08-04T19:10:49Z logger.go:66:                     }
TestTerraformCompleteExample 2022-08-04T19:10:49Z logger.go:66:                 }
TestTerraformCompleteExample 2022-08-04T19:10:49Z logger.go:66:               - mountedSecrets                 = null
TestTerraformCompleteExample 2022-08-04T19:10:49Z logger.go:66:               - mountedVolumes                 = {
TestTerraformCompleteExample 2022-08-04T19:10:49Z logger.go:66:                   - volumeMounts = null
TestTerraformCompleteExample 2022-08-04T19:10:49Z logger.go:66:                   - volumes      = null
TestTerraformCompleteExample 2022-08-04T19:10:49Z logger.go:66:                 }
TestTerraformCompleteExample 2022-08-04T19:10:49Z logger.go:66:               - oneReplicaPerNode              = null
TestTerraformCompleteExample 2022-08-04T19:10:49Z logger.go:66:               - podTemplate                    = {
TestTerraformCompleteExample 2022-08-04T19:10:49Z logger.go:66:                   - affinity                      = {
TestTerraformCompleteExample 2022-08-04T19:10:49Z logger.go:66:                       - nodeAffinity    = {
TestTerraformCompleteExample 2022-08-04T19:10:49Z logger.go:66:                           - preferredDuringSchedulingIgnoredDuringExecution = null
TestTerraformCompleteExample 2022-08-04T19:10:49Z logger.go:66:                           - requiredDuringSchedulingIgnoredDuringExecution  = {
TestTerraformCompleteExample 2022-08-04T19:10:49Z logger.go:66:                               - nodeSelectorTerms = null
TestTerraformCompleteExample 2022-08-04T19:10:49Z logger.go:66:                             }
TestTerraformCompleteExample 2022-08-04T19:10:49Z logger.go:66:                         }
TestTerraformCompleteExample 2022-08-04T19:10:49Z logger.go:66:                       - podAffinity     = {
TestTerraformCompleteExample 2022-08-04T19:10:49Z logger.go:66:                           - preferredDuringSchedulingIgnoredDuringExecution = null
TestTerraformCompleteExample 2022-08-04T19:10:49Z logger.go:66:                           - requiredDuringSchedulingIgnoredDuringExecution  = null
TestTerraformCompleteExample 2022-08-04T19:10:49Z logger.go:66:                         }
TestTerraformCompleteExample 2022-08-04T19:10:49Z logger.go:66:                       - podAntiAffinity = {
TestTerraformCompleteExample 2022-08-04T19:10:49Z logger.go:66:                           - preferredDuringSchedulingIgnoredDuringExecution = null
TestTerraformCompleteExample 2022-08-04T19:10:49Z logger.go:66:                           - requiredDuringSchedulingIgnoredDuringExecution  = null
TestTerraformCompleteExample 2022-08-04T19:10:49Z logger.go:66:                         }
TestTerraformCompleteExample 2022-08-04T19:10:49Z logger.go:66:                     }
TestTerraformCompleteExample 2022-08-04T19:10:49Z logger.go:66:                   - annotations                   = null
TestTerraformCompleteExample 2022-08-04T19:10:49Z logger.go:66:                   - envVars                       = null
TestTerraformCompleteExample 2022-08-04T19:10:49Z logger.go:66:                   - labels                        = null
TestTerraformCompleteExample 2022-08-04T19:10:49Z logger.go:66:                   - podSecurityContext            = {
TestTerraformCompleteExample 2022-08-04T19:10:49Z logger.go:66:                       - fsGroup             = null
TestTerraformCompleteExample 2022-08-04T19:10:49Z logger.go:66:                       - fsGroupChangePolicy = null
TestTerraformCompleteExample 2022-08-04T19:10:49Z logger.go:66:                       - runAsGroup          = null
TestTerraformCompleteExample 2022-08-04T19:10:49Z logger.go:66:                       - runAsNonRoot        = null
TestTerraformCompleteExample 2022-08-04T19:10:49Z logger.go:66:                       - runAsUser           = null
TestTerraformCompleteExample 2022-08-04T19:10:49Z logger.go:66:                       - seLinuxOptions      = {
TestTerraformCompleteExample 2022-08-04T19:10:49Z logger.go:66:                           - level = null
TestTerraformCompleteExample 2022-08-04T19:10:49Z logger.go:66:                           - role  = null
TestTerraformCompleteExample 2022-08-04T19:10:49Z logger.go:66:                           - type  = null
TestTerraformCompleteExample 2022-08-04T19:10:49Z logger.go:66:                           - user  = null
TestTerraformCompleteExample 2022-08-04T19:10:49Z logger.go:66:                         }
TestTerraformCompleteExample 2022-08-04T19:10:49Z logger.go:66:                       - seccompProfile      = {
TestTerraformCompleteExample 2022-08-04T19:10:49Z logger.go:66:                           - localhostProfile = null
TestTerraformCompleteExample 2022-08-04T19:10:49Z logger.go:66:                           - type             = null
TestTerraformCompleteExample 2022-08-04T19:10:49Z logger.go:66:                         }
TestTerraformCompleteExample 2022-08-04T19:10:49Z logger.go:66:                       - supplementalGroups  = null
TestTerraformCompleteExample 2022-08-04T19:10:49Z logger.go:66:                       - sysctls             = null
TestTerraformCompleteExample 2022-08-04T19:10:49Z logger.go:66:                       - windowsOptions      = {
TestTerraformCompleteExample 2022-08-04T19:10:49Z logger.go:66:                           - gmsaCredentialSpec     = null
TestTerraformCompleteExample 2022-08-04T19:10:49Z logger.go:66:                           - gmsaCredentialSpecName = null
TestTerraformCompleteExample 2022-08-04T19:10:49Z logger.go:66:                           - hostProcess            = null
TestTerraformCompleteExample 2022-08-04T19:10:49Z logger.go:66:                           - runAsUserName          = null
TestTerraformCompleteExample 2022-08-04T19:10:49Z logger.go:66:                         }
TestTerraformCompleteExample 2022-08-04T19:10:49Z logger.go:66:                     }
TestTerraformCompleteExample 2022-08-04T19:10:49Z logger.go:66:                   - priorityClassName             = null
TestTerraformCompleteExample 2022-08-04T19:10:49Z logger.go:66:                   - probe                         = {
TestTerraformCompleteExample 2022-08-04T19:10:49Z logger.go:66:                       - liveness  = {
TestTerraformCompleteExample 2022-08-04T19:10:49Z logger.go:66:                           - failureThreshold    = null
TestTerraformCompleteExample 2022-08-04T19:10:49Z logger.go:66:                           - initialDelaySeconds = null
TestTerraformCompleteExample 2022-08-04T19:10:49Z logger.go:66:                           - periodSeconds       = null
TestTerraformCompleteExample 2022-08-04T19:10:49Z logger.go:66:                           - successThreshold    = null
TestTerraformCompleteExample 2022-08-04T19:10:49Z logger.go:66:                           - timeoutSeconds      = null
TestTerraformCompleteExample 2022-08-04T19:10:49Z logger.go:66:                         }
TestTerraformCompleteExample 2022-08-04T19:10:49Z logger.go:66:                       - readiness = {
TestTerraformCompleteExample 2022-08-04T19:10:49Z logger.go:66:                           - failureThreshold    = null
TestTerraformCompleteExample 2022-08-04T19:10:49Z logger.go:66:                           - initialDelaySeconds = null
TestTerraformCompleteExample 2022-08-04T19:10:49Z logger.go:66:                           - periodSeconds       = null
TestTerraformCompleteExample 2022-08-04T19:10:49Z logger.go:66:                           - successThreshold    = null
TestTerraformCompleteExample 2022-08-04T19:10:49Z logger.go:66:                           - timeoutSeconds      = null
TestTerraformCompleteExample 2022-08-04T19:10:49Z logger.go:66:                         }
TestTerraformCompleteExample 2022-08-04T19:10:49Z logger.go:66:                     }
TestTerraformCompleteExample 2022-08-04T19:10:49Z logger.go:66:                   - resources                     = {
TestTerraformCompleteExample 2022-08-04T19:10:49Z logger.go:66:                       - limits   = null
TestTerraformCompleteExample 2022-08-04T19:10:49Z logger.go:66:                       - requests = null
TestTerraformCompleteExample 2022-08-04T19:10:49Z logger.go:66:                     }
TestTerraformCompleteExample 2022-08-04T19:10:49Z logger.go:66:                   - securityContext               = {
TestTerraformCompleteExample 2022-08-04T19:10:49Z logger.go:66:                       - allowPrivilegeEscalation = null
TestTerraformCompleteExample 2022-08-04T19:10:49Z logger.go:66:                       - capabilities             = {
TestTerraformCompleteExample 2022-08-04T19:10:49Z logger.go:66:                           - add  = null
TestTerraformCompleteExample 2022-08-04T19:10:49Z logger.go:66:                           - drop = null
TestTerraformCompleteExample 2022-08-04T19:10:49Z logger.go:66:                         }
TestTerraformCompleteExample 2022-08-04T19:10:49Z logger.go:66:                       - privileged               = null
TestTerraformCompleteExample 2022-08-04T19:10:49Z logger.go:66:                       - procMount                = null
TestTerraformCompleteExample 2022-08-04T19:10:49Z logger.go:66:                       - readOnlyRootFilesystem   = null
TestTerraformCompleteExample 2022-08-04T19:10:49Z logger.go:66:                       - runAsGroup               = null
TestTerraformCompleteExample 2022-08-04T19:10:49Z logger.go:66:                       - runAsNonRoot             = null
TestTerraformCompleteExample 2022-08-04T19:10:49Z logger.go:66:                       - runAsUser                = null
TestTerraformCompleteExample 2022-08-04T19:10:49Z logger.go:66:                       - seLinuxOptions           = {
TestTerraformCompleteExample 2022-08-04T19:10:49Z logger.go:66:                           - level = null
TestTerraformCompleteExample 2022-08-04T19:10:49Z logger.go:66:                           - role  = null
TestTerraformCompleteExample 2022-08-04T19:10:49Z logger.go:66:                           - type  = null
TestTerraformCompleteExample 2022-08-04T19:10:49Z logger.go:66:                           - user  = null
TestTerraformCompleteExample 2022-08-04T19:10:49Z logger.go:66:                         }
TestTerraformCompleteExample 2022-08-04T19:10:49Z logger.go:66:                       - seccompProfile           = {
TestTerraformCompleteExample 2022-08-04T19:10:49Z logger.go:66:                           - localhostProfile = null
TestTerraformCompleteExample 2022-08-04T19:10:49Z logger.go:66:                           - type             = null
TestTerraformCompleteExample 2022-08-04T19:10:49Z logger.go:66:                         }
TestTerraformCompleteExample 2022-08-04T19:10:49Z logger.go:66:                       - windowsOptions           = {
TestTerraformCompleteExample 2022-08-04T19:10:49Z logger.go:66:                           - gmsaCredentialSpec     = null
TestTerraformCompleteExample 2022-08-04T19:10:49Z logger.go:66:                           - gmsaCredentialSpecName = null
TestTerraformCompleteExample 2022-08-04T19:10:49Z logger.go:66:                           - hostProcess            = null
TestTerraformCompleteExample 2022-08-04T19:10:49Z logger.go:66:                           - runAsUserName          = null
TestTerraformCompleteExample 2022-08-04T19:10:49Z logger.go:66:                         }
TestTerraformCompleteExample 2022-08-04T19:10:49Z logger.go:66:                     }
TestTerraformCompleteExample 2022-08-04T19:10:49Z logger.go:66:                   - serviceAccountName            = null
TestTerraformCompleteExample 2022-08-04T19:10:49Z logger.go:66:                   - terminationGracePeriodSeconds = null
TestTerraformCompleteExample 2022-08-04T19:10:49Z logger.go:66:                   - tolerations                   = null
TestTerraformCompleteExample 2022-08-04T19:10:49Z logger.go:66:                   - topologySpreadConstraints     = null
TestTerraformCompleteExample 2022-08-04T19:10:49Z logger.go:66:                 }
TestTerraformCompleteExample 2022-08-04T19:10:49Z logger.go:66:               - replicas                       = 1
TestTerraformCompleteExample 2022-08-04T19:10:49Z logger.go:66:               - telemetry                      = {
TestTerraformCompleteExample 2022-08-04T19:10:49Z logger.go:66:                   - global = null
TestTerraformCompleteExample 2022-08-04T19:10:49Z logger.go:66:                 }
TestTerraformCompleteExample 2022-08-04T19:10:49Z logger.go:66:               - tls                            = {
TestTerraformCompleteExample 2022-08-04T19:10:49Z logger.go:66:                   - autoGeneratedCerts       = null
TestTerraformCompleteExample 2022-08-04T19:10:49Z logger.go:66:                   - directoryPathInContainer = null
TestTerraformCompleteExample 2022-08-04T19:10:49Z logger.go:66:                   - ignoreTrustStoreConfig   = null
TestTerraformCompleteExample 2022-08-04T19:10:49Z logger.go:66:                   - jksPassword              = {
TestTerraformCompleteExample 2022-08-04T19:10:49Z logger.go:66:                       - secretRef = null
TestTerraformCompleteExample 2022-08-04T19:10:49Z logger.go:66:                     }
TestTerraformCompleteExample 2022-08-04T19:10:49Z logger.go:66:                   - secretRef                = null
TestTerraformCompleteExample 2022-08-04T19:10:49Z logger.go:66:                 }
TestTerraformCompleteExample 2022-08-04T19:10:49Z logger.go:66:               - valueConverterType             = null
TestTerraformCompleteExample 2022-08-04T19:10:49Z logger.go:66:             }
TestTerraformCompleteExample 2022-08-04T19:10:49Z logger.go:66:         } -> null
TestTerraformCompleteExample 2022-08-04T19:10:49Z logger.go:66:
TestTerraformCompleteExample 2022-08-04T19:10:49Z logger.go:66:       - timeouts {
TestTerraformCompleteExample 2022-08-04T19:10:49Z logger.go:66:           - create = "1h" -> null
TestTerraformCompleteExample 2022-08-04T19:10:49Z logger.go:66:           - delete = "10m" -> null
TestTerraformCompleteExample 2022-08-04T19:10:49Z logger.go:66:           - update = "1h" -> null
TestTerraformCompleteExample 2022-08-04T19:10:49Z logger.go:66:         }
TestTerraformCompleteExample 2022-08-04T19:10:49Z logger.go:66:
TestTerraformCompleteExample 2022-08-04T19:10:49Z logger.go:66:       - wait {
TestTerraformCompleteExample 2022-08-04T19:10:49Z logger.go:66:           - fields = {
TestTerraformCompleteExample 2022-08-04T19:10:49Z logger.go:66:               - "status.phase" = "RUNNING"
TestTerraformCompleteExample 2022-08-04T19:10:49Z logger.go:66:             } -> null
TestTerraformCompleteExample 2022-08-04T19:10:49Z logger.go:66:         }
TestTerraformCompleteExample 2022-08-04T19:10:49Z logger.go:66:     }
TestTerraformCompleteExample 2022-08-04T19:10:49Z logger.go:66:
TestTerraformCompleteExample 2022-08-04T19:10:49Z logger.go:66:   # module.confluent_platform.kubernetes_manifest.components["kafka"] will be destroyed
TestTerraformCompleteExample 2022-08-04T19:10:49Z logger.go:66:   - resource "kubernetes_manifest" "components" {
TestTerraformCompleteExample 2022-08-04T19:10:49Z logger.go:66:       - computed_fields = [
TestTerraformCompleteExample 2022-08-04T19:10:49Z logger.go:66:           - "metadata.finalizers",
TestTerraformCompleteExample 2022-08-04T19:10:49Z logger.go:66:         ] -> null
TestTerraformCompleteExample 2022-08-04T19:10:49Z logger.go:66:       - manifest        = {
TestTerraformCompleteExample 2022-08-04T19:10:49Z logger.go:66:           - apiVersion = "platform.confluent.io/v1beta1"
TestTerraformCompleteExample 2022-08-04T19:10:49Z logger.go:66:           - kind       = "Kafka"
TestTerraformCompleteExample 2022-08-04T19:10:49Z logger.go:66:           - metadata   = {
TestTerraformCompleteExample 2022-08-04T19:10:49Z logger.go:66:               - name      = "kafka"
TestTerraformCompleteExample 2022-08-04T19:10:49Z logger.go:66:               - namespace = "confluent"
TestTerraformCompleteExample 2022-08-04T19:10:49Z logger.go:66:             }
TestTerraformCompleteExample 2022-08-04T19:10:49Z logger.go:66:           - spec       = {
TestTerraformCompleteExample 2022-08-04T19:10:49Z logger.go:66:               - dataVolumeCapacity = "10Gi"
TestTerraformCompleteExample 2022-08-04T19:10:49Z logger.go:66:               - image              = {
TestTerraformCompleteExample 2022-08-04T19:10:49Z logger.go:66:                   - application = "confluentinc/cp-server:7.2.0"
TestTerraformCompleteExample 2022-08-04T19:10:49Z logger.go:66:                   - init        = "confluentinc/confluent-init-container:2.4.0"
TestTerraformCompleteExample 2022-08-04T19:10:49Z logger.go:66:                 }
TestTerraformCompleteExample 2022-08-04T19:10:49Z logger.go:66:               - metricReporter     = {
TestTerraformCompleteExample 2022-08-04T19:10:49Z logger.go:66:                   - enabled = true
TestTerraformCompleteExample 2022-08-04T19:10:49Z logger.go:66:                 }
TestTerraformCompleteExample 2022-08-04T19:10:49Z logger.go:66:               - replicas           = 3
TestTerraformCompleteExample 2022-08-04T19:10:49Z logger.go:66:             }
TestTerraformCompleteExample 2022-08-04T19:10:49Z logger.go:66:         } -> null
TestTerraformCompleteExample 2022-08-04T19:10:49Z logger.go:66:       - object          = {
TestTerraformCompleteExample 2022-08-04T19:10:49Z logger.go:66:           - apiVersion = "platform.confluent.io/v1beta1"
TestTerraformCompleteExample 2022-08-04T19:10:49Z logger.go:66:           - kind       = "Kafka"
TestTerraformCompleteExample 2022-08-04T19:10:49Z logger.go:66:           - metadata   = {
TestTerraformCompleteExample 2022-08-04T19:10:49Z logger.go:66:               - annotations                = {
TestTerraformCompleteExample 2022-08-04T19:10:49Z logger.go:66:                   - "platform.confluent.io/config-revision-hash"   = "t2bgf92bkh"
TestTerraformCompleteExample 2022-08-04T19:10:49Z logger.go:66:                   - "platform.confluent.io/last-pod-template-hash" = "c5dd99557"
TestTerraformCompleteExample 2022-08-04T19:10:49Z logger.go:66:                 }
TestTerraformCompleteExample 2022-08-04T19:10:49Z logger.go:66:               - clusterName                = null
TestTerraformCompleteExample 2022-08-04T19:10:49Z logger.go:66:               - creationTimestamp          = null
TestTerraformCompleteExample 2022-08-04T19:10:49Z logger.go:66:               - deletionGracePeriodSeconds = null
TestTerraformCompleteExample 2022-08-04T19:10:49Z logger.go:66:               - deletionTimestamp          = null
TestTerraformCompleteExample 2022-08-04T19:10:49Z logger.go:66:               - finalizers                 = [
TestTerraformCompleteExample 2022-08-04T19:10:49Z logger.go:66:                   - "kafka.finalizers.platform.confluent.io",
TestTerraformCompleteExample 2022-08-04T19:10:49Z logger.go:66:                 ]
TestTerraformCompleteExample 2022-08-04T19:10:49Z logger.go:66:               - generateName               = null
TestTerraformCompleteExample 2022-08-04T19:10:49Z logger.go:66:               - generation                 = null
TestTerraformCompleteExample 2022-08-04T19:10:49Z logger.go:66:               - labels                     = null
TestTerraformCompleteExample 2022-08-04T19:10:49Z logger.go:66:               - managedFields              = null
TestTerraformCompleteExample 2022-08-04T19:10:49Z logger.go:66:               - name                       = "kafka"
TestTerraformCompleteExample 2022-08-04T19:10:49Z logger.go:66:               - namespace                  = "confluent"
TestTerraformCompleteExample 2022-08-04T19:10:49Z logger.go:66:               - ownerReferences            = null
TestTerraformCompleteExample 2022-08-04T19:10:49Z logger.go:66:               - resourceVersion            = null
TestTerraformCompleteExample 2022-08-04T19:10:49Z logger.go:66:               - selfLink                   = null
TestTerraformCompleteExample 2022-08-04T19:10:49Z logger.go:66:               - uid                        = null
TestTerraformCompleteExample 2022-08-04T19:10:49Z logger.go:66:             }
TestTerraformCompleteExample 2022-08-04T19:10:49Z logger.go:66:           - spec       = {
TestTerraformCompleteExample 2022-08-04T19:10:49Z logger.go:66:               - authorization      = {
TestTerraformCompleteExample 2022-08-04T19:10:49Z logger.go:66:                   - superUsers = null
TestTerraformCompleteExample 2022-08-04T19:10:49Z logger.go:66:                   - type       = null
TestTerraformCompleteExample 2022-08-04T19:10:49Z logger.go:66:                 }
TestTerraformCompleteExample 2022-08-04T19:10:49Z logger.go:66:               - configOverrides    = {
TestTerraformCompleteExample 2022-08-04T19:10:49Z logger.go:66:                   - jvm    = null
TestTerraformCompleteExample 2022-08-04T19:10:49Z logger.go:66:                   - log4j  = null
TestTerraformCompleteExample 2022-08-04T19:10:49Z logger.go:66:                   - server = null
TestTerraformCompleteExample 2022-08-04T19:10:49Z logger.go:66:                 }
TestTerraformCompleteExample 2022-08-04T19:10:49Z logger.go:66:               - dataVolumeCapacity = "10Gi"
TestTerraformCompleteExample 2022-08-04T19:10:49Z logger.go:66:               - dependencies       = {
TestTerraformCompleteExample 2022-08-04T19:10:49Z logger.go:66:                   - kafkaRest      = {
TestTerraformCompleteExample 2022-08-04T19:10:49Z logger.go:66:                       - authentication    = {
TestTerraformCompleteExample 2022-08-04T19:10:49Z logger.go:66:                           - bearer                = {
TestTerraformCompleteExample 2022-08-04T19:10:49Z logger.go:66:                               - directoryPathInContainer = null
TestTerraformCompleteExample 2022-08-04T19:10:49Z logger.go:66:                               - secretRef                = null
TestTerraformCompleteExample 2022-08-04T19:10:49Z logger.go:66:                             }
TestTerraformCompleteExample 2022-08-04T19:10:49Z logger.go:66:                           - jaasConfig            = {
TestTerraformCompleteExample 2022-08-04T19:10:49Z logger.go:66:                               - secretRef = null
TestTerraformCompleteExample 2022-08-04T19:10:49Z logger.go:66:                             }
TestTerraformCompleteExample 2022-08-04T19:10:49Z logger.go:66:                           - jaasConfigPassThrough = {
TestTerraformCompleteExample 2022-08-04T19:10:49Z logger.go:66:                               - directoryPathInContainer = null
TestTerraformCompleteExample 2022-08-04T19:10:49Z logger.go:66:                               - secretRef                = null
TestTerraformCompleteExample 2022-08-04T19:10:49Z logger.go:66:                             }
TestTerraformCompleteExample 2022-08-04T19:10:49Z logger.go:66:                           - oauthbearer           = {
TestTerraformCompleteExample 2022-08-04T19:10:49Z logger.go:66:                               - directoryPathInContainer = null
TestTerraformCompleteExample 2022-08-04T19:10:49Z logger.go:66:                               - secretRef                = null
TestTerraformCompleteExample 2022-08-04T19:10:49Z logger.go:66:                             }
TestTerraformCompleteExample 2022-08-04T19:10:49Z logger.go:66:                           - type                  = null
TestTerraformCompleteExample 2022-08-04T19:10:49Z logger.go:66:                         }
TestTerraformCompleteExample 2022-08-04T19:10:49Z logger.go:66:                       - bootstrapEndpoint = null
TestTerraformCompleteExample 2022-08-04T19:10:49Z logger.go:66:                       - endpoint          = null
TestTerraformCompleteExample 2022-08-04T19:10:49Z logger.go:66:                       - tls               = {
TestTerraformCompleteExample 2022-08-04T19:10:49Z logger.go:66:                           - directoryPathInContainer = null
TestTerraformCompleteExample 2022-08-04T19:10:49Z logger.go:66:                           - enabled                  = null
TestTerraformCompleteExample 2022-08-04T19:10:49Z logger.go:66:                           - ignoreTrustStoreConfig   = null
TestTerraformCompleteExample 2022-08-04T19:10:49Z logger.go:66:                           - jksPassword              = {
TestTerraformCompleteExample 2022-08-04T19:10:49Z logger.go:66:                               - secretRef = null
TestTerraformCompleteExample 2022-08-04T19:10:49Z logger.go:66:                             }
TestTerraformCompleteExample 2022-08-04T19:10:49Z logger.go:66:                           - secretRef                = null
TestTerraformCompleteExample 2022-08-04T19:10:49Z logger.go:66:                         }
TestTerraformCompleteExample 2022-08-04T19:10:49Z logger.go:66:                     }
TestTerraformCompleteExample 2022-08-04T19:10:49Z logger.go:66:                   - mds            = {
TestTerraformCompleteExample 2022-08-04T19:10:49Z logger.go:66:                       - endpoint     = null
TestTerraformCompleteExample 2022-08-04T19:10:49Z logger.go:66:                       - kafka        = {
TestTerraformCompleteExample 2022-08-04T19:10:49Z logger.go:66:                           - authentication    = {
TestTerraformCompleteExample 2022-08-04T19:10:49Z logger.go:66:                               - jaasConfig            = {
TestTerraformCompleteExample 2022-08-04T19:10:49Z logger.go:66:                                   - secretRef = null
TestTerraformCompleteExample 2022-08-04T19:10:49Z logger.go:66:                                 }
TestTerraformCompleteExample 2022-08-04T19:10:49Z logger.go:66:                               - jaasConfigPassThrough = {
TestTerraformCompleteExample 2022-08-04T19:10:49Z logger.go:66:                                   - directoryPathInContainer = null
TestTerraformCompleteExample 2022-08-04T19:10:49Z logger.go:66:                                   - secretRef                = null
TestTerraformCompleteExample 2022-08-04T19:10:49Z logger.go:66:                                 }
TestTerraformCompleteExample 2022-08-04T19:10:49Z logger.go:66:                               - oauthbearer           = {
TestTerraformCompleteExample 2022-08-04T19:10:49Z logger.go:66:                                   - directoryPathInContainer = null
TestTerraformCompleteExample 2022-08-04T19:10:49Z logger.go:66:                                   - secretRef                = null
TestTerraformCompleteExample 2022-08-04T19:10:49Z logger.go:66:                                 }
TestTerraformCompleteExample 2022-08-04T19:10:49Z logger.go:66:                               - type                  = null
TestTerraformCompleteExample 2022-08-04T19:10:49Z logger.go:66:                             }
TestTerraformCompleteExample 2022-08-04T19:10:49Z logger.go:66:                           - bootstrapEndpoint = null
TestTerraformCompleteExample 2022-08-04T19:10:49Z logger.go:66:                           - discovery         = {
TestTerraformCompleteExample 2022-08-04T19:10:49Z logger.go:66:                               - name      = null
TestTerraformCompleteExample 2022-08-04T19:10:49Z logger.go:66:                               - namespace = null
TestTerraformCompleteExample 2022-08-04T19:10:49Z logger.go:66:                               - secretRef = null
TestTerraformCompleteExample 2022-08-04T19:10:49Z logger.go:66:                             }
TestTerraformCompleteExample 2022-08-04T19:10:49Z logger.go:66:                           - tls               = {
TestTerraformCompleteExample 2022-08-04T19:10:49Z logger.go:66:                               - directoryPathInContainer = null
TestTerraformCompleteExample 2022-08-04T19:10:49Z logger.go:66:                               - enabled                  = null
TestTerraformCompleteExample 2022-08-04T19:10:49Z logger.go:66:                               - ignoreTrustStoreConfig   = null
TestTerraformCompleteExample 2022-08-04T19:10:49Z logger.go:66:                               - jksPassword              = {
TestTerraformCompleteExample 2022-08-04T19:10:49Z logger.go:66:                                   - secretRef = null
TestTerraformCompleteExample 2022-08-04T19:10:49Z logger.go:66:                                 }
TestTerraformCompleteExample 2022-08-04T19:10:49Z logger.go:66:                               - secretRef                = null
TestTerraformCompleteExample 2022-08-04T19:10:49Z logger.go:66:                             }
TestTerraformCompleteExample 2022-08-04T19:10:49Z logger.go:66:                         }
TestTerraformCompleteExample 2022-08-04T19:10:49Z logger.go:66:                       - tls          = {
TestTerraformCompleteExample 2022-08-04T19:10:49Z logger.go:66:                           - directoryPathInContainer = null
TestTerraformCompleteExample 2022-08-04T19:10:49Z logger.go:66:                           - enabled                  = null
TestTerraformCompleteExample 2022-08-04T19:10:49Z logger.go:66:                           - ignoreTrustStoreConfig   = null
TestTerraformCompleteExample 2022-08-04T19:10:49Z logger.go:66:                           - jksPassword              = {
TestTerraformCompleteExample 2022-08-04T19:10:49Z logger.go:66:                               - secretRef = null
TestTerraformCompleteExample 2022-08-04T19:10:49Z logger.go:66:                             }
TestTerraformCompleteExample 2022-08-04T19:10:49Z logger.go:66:                           - secretRef                = null
TestTerraformCompleteExample 2022-08-04T19:10:49Z logger.go:66:                         }
TestTerraformCompleteExample 2022-08-04T19:10:49Z logger.go:66:                       - tokenKeyPair = {
TestTerraformCompleteExample 2022-08-04T19:10:49Z logger.go:66:                           - directoryPathInContainer = null
TestTerraformCompleteExample 2022-08-04T19:10:49Z logger.go:66:                           - secretRef                = null
TestTerraformCompleteExample 2022-08-04T19:10:49Z logger.go:66:                         }
TestTerraformCompleteExample 2022-08-04T19:10:49Z logger.go:66:                     }
TestTerraformCompleteExample 2022-08-04T19:10:49Z logger.go:66:                   - schemaRegistry = {
TestTerraformCompleteExample 2022-08-04T19:10:49Z logger.go:66:                       - authentication = {
TestTerraformCompleteExample 2022-08-04T19:10:49Z logger.go:66:                           - basic = {
TestTerraformCompleteExample 2022-08-04T19:10:49Z logger.go:66:                               - debug                    = null
TestTerraformCompleteExample 2022-08-04T19:10:49Z logger.go:66:                               - directoryPathInContainer = null
TestTerraformCompleteExample 2022-08-04T19:10:49Z logger.go:66:                               - restrictedRoles          = null
TestTerraformCompleteExample 2022-08-04T19:10:49Z logger.go:66:                               - roles                    = null
TestTerraformCompleteExample 2022-08-04T19:10:49Z logger.go:66:                               - secretRef                = null
TestTerraformCompleteExample 2022-08-04T19:10:49Z logger.go:66:                             }
TestTerraformCompleteExample 2022-08-04T19:10:49Z logger.go:66:                           - type  = null
TestTerraformCompleteExample 2022-08-04T19:10:49Z logger.go:66:                         }
TestTerraformCompleteExample 2022-08-04T19:10:49Z logger.go:66:                       - tls            = {
TestTerraformCompleteExample 2022-08-04T19:10:49Z logger.go:66:                           - directoryPathInContainer = null
TestTerraformCompleteExample 2022-08-04T19:10:49Z logger.go:66:                           - enabled                  = null
TestTerraformCompleteExample 2022-08-04T19:10:49Z logger.go:66:                           - ignoreTrustStoreConfig   = null
TestTerraformCompleteExample 2022-08-04T19:10:49Z logger.go:66:                           - jksPassword              = {
TestTerraformCompleteExample 2022-08-04T19:10:49Z logger.go:66:                               - secretRef = null
TestTerraformCompleteExample 2022-08-04T19:10:49Z logger.go:66:                             }
TestTerraformCompleteExample 2022-08-04T19:10:49Z logger.go:66:                           - secretRef                = null
TestTerraformCompleteExample 2022-08-04T19:10:49Z logger.go:66:                         }
TestTerraformCompleteExample 2022-08-04T19:10:49Z logger.go:66:                       - url            = null
TestTerraformCompleteExample 2022-08-04T19:10:49Z logger.go:66:                     }
TestTerraformCompleteExample 2022-08-04T19:10:49Z logger.go:66:                   - zookeeper      = {
TestTerraformCompleteExample 2022-08-04T19:10:49Z logger.go:66:                       - authentication = {
TestTerraformCompleteExample 2022-08-04T19:10:49Z logger.go:66:                           - jaasConfig            = {
TestTerraformCompleteExample 2022-08-04T19:10:49Z logger.go:66:                               - secretRef = null
TestTerraformCompleteExample 2022-08-04T19:10:49Z logger.go:66:                             }
TestTerraformCompleteExample 2022-08-04T19:10:49Z logger.go:66:                           - jaasConfigPassThrough = {
TestTerraformCompleteExample 2022-08-04T19:10:49Z logger.go:66:                               - directoryPathInContainer = null
TestTerraformCompleteExample 2022-08-04T19:10:49Z logger.go:66:                               - secretRef                = null
TestTerraformCompleteExample 2022-08-04T19:10:49Z logger.go:66:                             }
TestTerraformCompleteExample 2022-08-04T19:10:49Z logger.go:66:                           - oauthbearer           = {
TestTerraformCompleteExample 2022-08-04T19:10:49Z logger.go:66:                               - directoryPathInContainer = null
TestTerraformCompleteExample 2022-08-04T19:10:49Z logger.go:66:                               - secretRef                = null
TestTerraformCompleteExample 2022-08-04T19:10:49Z logger.go:66:                             }
TestTerraformCompleteExample 2022-08-04T19:10:49Z logger.go:66:                           - type                  = null
TestTerraformCompleteExample 2022-08-04T19:10:49Z logger.go:66:                         }
TestTerraformCompleteExample 2022-08-04T19:10:49Z logger.go:66:                       - discovery      = {
TestTerraformCompleteExample 2022-08-04T19:10:49Z logger.go:66:                           - name      = null
TestTerraformCompleteExample 2022-08-04T19:10:49Z logger.go:66:                           - namespace = null
TestTerraformCompleteExample 2022-08-04T19:10:49Z logger.go:66:                           - secretRef = null
TestTerraformCompleteExample 2022-08-04T19:10:49Z logger.go:66:                         }
TestTerraformCompleteExample 2022-08-04T19:10:49Z logger.go:66:                       - endpoint       = null
TestTerraformCompleteExample 2022-08-04T19:10:49Z logger.go:66:                       - tls            = {
TestTerraformCompleteExample 2022-08-04T19:10:49Z logger.go:66:                           - directoryPathInContainer = null
TestTerraformCompleteExample 2022-08-04T19:10:49Z logger.go:66:                           - enabled                  = null
TestTerraformCompleteExample 2022-08-04T19:10:49Z logger.go:66:                           - ignoreTrustStoreConfig   = null
TestTerraformCompleteExample 2022-08-04T19:10:49Z logger.go:66:                           - jksPassword              = {
TestTerraformCompleteExample 2022-08-04T19:10:49Z logger.go:66:                               - secretRef = null
TestTerraformCompleteExample 2022-08-04T19:10:49Z logger.go:66:                             }
TestTerraformCompleteExample 2022-08-04T19:10:49Z logger.go:66:                           - secretRef                = null
TestTerraformCompleteExample 2022-08-04T19:10:49Z logger.go:66:                         }
TestTerraformCompleteExample 2022-08-04T19:10:49Z logger.go:66:                     }
TestTerraformCompleteExample 2022-08-04T19:10:49Z logger.go:66:                 }
TestTerraformCompleteExample 2022-08-04T19:10:49Z logger.go:66:               - headlessService    = {
TestTerraformCompleteExample 2022-08-04T19:10:49Z logger.go:66:                   - annotations              = null
TestTerraformCompleteExample 2022-08-04T19:10:49Z logger.go:66:                   - labels                   = null
TestTerraformCompleteExample 2022-08-04T19:10:49Z logger.go:66:                   - publishNotReadyAddresses = null
TestTerraformCompleteExample 2022-08-04T19:10:49Z logger.go:66:                 }
TestTerraformCompleteExample 2022-08-04T19:10:49Z logger.go:66:               - identityProvider   = {
TestTerraformCompleteExample 2022-08-04T19:10:49Z logger.go:66:                   - ldap = {
TestTerraformCompleteExample 2022-08-04T19:10:49Z logger.go:66:                       - address        = null
TestTerraformCompleteExample 2022-08-04T19:10:49Z logger.go:66:                       - authentication = {
TestTerraformCompleteExample 2022-08-04T19:10:49Z logger.go:66:                           - simple = {
TestTerraformCompleteExample 2022-08-04T19:10:49Z logger.go:66:                               - directoryPathInContainer = null
TestTerraformCompleteExample 2022-08-04T19:10:49Z logger.go:66:                               - secretRef                = null
TestTerraformCompleteExample 2022-08-04T19:10:49Z logger.go:66:                             }
TestTerraformCompleteExample 2022-08-04T19:10:49Z logger.go:66:                           - type   = null
TestTerraformCompleteExample 2022-08-04T19:10:49Z logger.go:66:                         }
TestTerraformCompleteExample 2022-08-04T19:10:49Z logger.go:66:                       - configurations = {
TestTerraformCompleteExample 2022-08-04T19:10:49Z logger.go:66:                           - groupMemberAttribute         = null
TestTerraformCompleteExample 2022-08-04T19:10:49Z logger.go:66:                           - groupMemberAttributePattern  = null
TestTerraformCompleteExample 2022-08-04T19:10:49Z logger.go:66:                           - groupNameAttribute           = null
TestTerraformCompleteExample 2022-08-04T19:10:49Z logger.go:66:                           - groupObjectClass             = null
TestTerraformCompleteExample 2022-08-04T19:10:49Z logger.go:66:                           - groupSearchBase              = null
TestTerraformCompleteExample 2022-08-04T19:10:49Z logger.go:66:                           - groupSearchFilter            = null
TestTerraformCompleteExample 2022-08-04T19:10:49Z logger.go:66:                           - groupSearchScope             = null
TestTerraformCompleteExample 2022-08-04T19:10:49Z logger.go:66:                           - userMemberOfAttributePattern = null
TestTerraformCompleteExample 2022-08-04T19:10:49Z logger.go:66:                           - userNameAttribute            = null
TestTerraformCompleteExample 2022-08-04T19:10:49Z logger.go:66:                           - userObjectClass              = null
TestTerraformCompleteExample 2022-08-04T19:10:49Z logger.go:66:                           - userSearchBase               = null
TestTerraformCompleteExample 2022-08-04T19:10:49Z logger.go:66:                           - userSearchFilter             = null
TestTerraformCompleteExample 2022-08-04T19:10:49Z logger.go:66:                           - userSearchScope              = null
TestTerraformCompleteExample 2022-08-04T19:10:49Z logger.go:66:                         }
TestTerraformCompleteExample 2022-08-04T19:10:49Z logger.go:66:                       - tls            = {
TestTerraformCompleteExample 2022-08-04T19:10:49Z logger.go:66:                           - directoryPathInContainer = null
TestTerraformCompleteExample 2022-08-04T19:10:49Z logger.go:66:                           - enabled                  = null
TestTerraformCompleteExample 2022-08-04T19:10:49Z logger.go:66:                           - ignoreTrustStoreConfig   = null
TestTerraformCompleteExample 2022-08-04T19:10:49Z logger.go:66:                           - jksPassword              = {
TestTerraformCompleteExample 2022-08-04T19:10:49Z logger.go:66:                               - secretRef = null
TestTerraformCompleteExample 2022-08-04T19:10:49Z logger.go:66:                             }
TestTerraformCompleteExample 2022-08-04T19:10:49Z logger.go:66:                           - secretRef                = null
TestTerraformCompleteExample 2022-08-04T19:10:49Z logger.go:66:                         }
TestTerraformCompleteExample 2022-08-04T19:10:49Z logger.go:66:                     }
TestTerraformCompleteExample 2022-08-04T19:10:49Z logger.go:66:                   - type = null
TestTerraformCompleteExample 2022-08-04T19:10:49Z logger.go:66:                 }
TestTerraformCompleteExample 2022-08-04T19:10:49Z logger.go:66:               - image              = {
TestTerraformCompleteExample 2022-08-04T19:10:49Z logger.go:66:                   - application   = "confluentinc/cp-server:7.2.0"
TestTerraformCompleteExample 2022-08-04T19:10:49Z logger.go:66:                   - init          = "confluentinc/confluent-init-container:2.4.0"
TestTerraformCompleteExample 2022-08-04T19:10:49Z logger.go:66:                   - pullPolicy    = null
TestTerraformCompleteExample 2022-08-04T19:10:49Z logger.go:66:                   - pullSecretRef = null
TestTerraformCompleteExample 2022-08-04T19:10:49Z logger.go:66:                 }
TestTerraformCompleteExample 2022-08-04T19:10:49Z logger.go:66:               - injectAnnotations  = null
TestTerraformCompleteExample 2022-08-04T19:10:49Z logger.go:66:               - injectLabels       = null
TestTerraformCompleteExample 2022-08-04T19:10:49Z logger.go:66:               - k8sClusterDomain   = null
TestTerraformCompleteExample 2022-08-04T19:10:49Z logger.go:66:               - license            = {
TestTerraformCompleteExample 2022-08-04T19:10:49Z logger.go:66:                   - directoryPathInContainer = null
TestTerraformCompleteExample 2022-08-04T19:10:49Z logger.go:66:                   - globalLicense            = null
TestTerraformCompleteExample 2022-08-04T19:10:49Z logger.go:66:                   - secretRef                = null
TestTerraformCompleteExample 2022-08-04T19:10:49Z logger.go:66:                 }
TestTerraformCompleteExample 2022-08-04T19:10:49Z logger.go:66:               - listeners          = {
TestTerraformCompleteExample 2022-08-04T19:10:49Z logger.go:66:                   - custom   = null
TestTerraformCompleteExample 2022-08-04T19:10:49Z logger.go:66:                   - external = {
TestTerraformCompleteExample 2022-08-04T19:10:49Z logger.go:66:                       - authentication = {
TestTerraformCompleteExample 2022-08-04T19:10:49Z logger.go:66:                           - jaasConfig            = {
TestTerraformCompleteExample 2022-08-04T19:10:49Z logger.go:66:                               - secretRef = null
TestTerraformCompleteExample 2022-08-04T19:10:49Z logger.go:66:                             }
TestTerraformCompleteExample 2022-08-04T19:10:49Z logger.go:66:                           - jaasConfigPassThrough = {
TestTerraformCompleteExample 2022-08-04T19:10:49Z logger.go:66:                               - directoryPathInContainer = null
TestTerraformCompleteExample 2022-08-04T19:10:49Z logger.go:66:                               - secretRef                = null
TestTerraformCompleteExample 2022-08-04T19:10:49Z logger.go:66:                             }
TestTerraformCompleteExample 2022-08-04T19:10:49Z logger.go:66:                           - principalMappingRules = null
TestTerraformCompleteExample 2022-08-04T19:10:49Z logger.go:66:                           - type                  = null
TestTerraformCompleteExample 2022-08-04T19:10:49Z logger.go:66:                         }
TestTerraformCompleteExample 2022-08-04T19:10:49Z logger.go:66:                       - externalAccess = {
TestTerraformCompleteExample 2022-08-04T19:10:49Z logger.go:66:                           - loadBalancer              = {
TestTerraformCompleteExample 2022-08-04T19:10:49Z logger.go:66:                               - advertisedPort           = null
TestTerraformCompleteExample 2022-08-04T19:10:49Z logger.go:66:                               - annotations              = null
TestTerraformCompleteExample 2022-08-04T19:10:49Z logger.go:66:                               - bootstrapPrefix          = null
TestTerraformCompleteExample 2022-08-04T19:10:49Z logger.go:66:                               - brokerPrefix             = null
TestTerraformCompleteExample 2022-08-04T19:10:49Z logger.go:66:                               - domain                   = null
TestTerraformCompleteExample 2022-08-04T19:10:49Z logger.go:66:                               - externalTrafficPolicy    = null
TestTerraformCompleteExample 2022-08-04T19:10:49Z logger.go:66:                               - labels                   = null
TestTerraformCompleteExample 2022-08-04T19:10:49Z logger.go:66:                               - loadBalancerSourceRanges = null
TestTerraformCompleteExample 2022-08-04T19:10:49Z logger.go:66:                               - servicePorts             = null
TestTerraformCompleteExample 2022-08-04T19:10:49Z logger.go:66:                               - sessionAffinity          = null
TestTerraformCompleteExample 2022-08-04T19:10:49Z logger.go:66:                               - sessionAffinityConfig    = {
TestTerraformCompleteExample 2022-08-04T19:10:49Z logger.go:66:                                   - clientIP = {
TestTerraformCompleteExample 2022-08-04T19:10:49Z logger.go:66:                                       - timeoutSeconds = null
TestTerraformCompleteExample 2022-08-04T19:10:49Z logger.go:66:                                     }
TestTerraformCompleteExample 2022-08-04T19:10:49Z logger.go:66:                                 }
TestTerraformCompleteExample 2022-08-04T19:10:49Z logger.go:66:                             }
TestTerraformCompleteExample 2022-08-04T19:10:49Z logger.go:66:                           - nodePort                  = {
TestTerraformCompleteExample 2022-08-04T19:10:49Z logger.go:66:                               - advertisedURL         = {
TestTerraformCompleteExample 2022-08-04T19:10:49Z logger.go:66:                                   - enabled = null
TestTerraformCompleteExample 2022-08-04T19:10:49Z logger.go:66:                                   - prefix  = null
TestTerraformCompleteExample 2022-08-04T19:10:49Z logger.go:66:                                 }
TestTerraformCompleteExample 2022-08-04T19:10:49Z logger.go:66:                               - annotations           = null
TestTerraformCompleteExample 2022-08-04T19:10:49Z logger.go:66:                               - externalTrafficPolicy = null
TestTerraformCompleteExample 2022-08-04T19:10:49Z logger.go:66:                               - host                  = null
TestTerraformCompleteExample 2022-08-04T19:10:49Z logger.go:66:                               - labels                = null
TestTerraformCompleteExample 2022-08-04T19:10:49Z logger.go:66:                               - nodePortOffset        = null
TestTerraformCompleteExample 2022-08-04T19:10:49Z logger.go:66:                               - servicePorts          = null
TestTerraformCompleteExample 2022-08-04T19:10:49Z logger.go:66:                               - sessionAffinity       = null
TestTerraformCompleteExample 2022-08-04T19:10:49Z logger.go:66:                               - sessionAffinityConfig = {
TestTerraformCompleteExample 2022-08-04T19:10:49Z logger.go:66:                                   - clientIP = {
TestTerraformCompleteExample 2022-08-04T19:10:49Z logger.go:66:                                       - timeoutSeconds = null
TestTerraformCompleteExample 2022-08-04T19:10:49Z logger.go:66:                                     }
TestTerraformCompleteExample 2022-08-04T19:10:49Z logger.go:66:                                 }
TestTerraformCompleteExample 2022-08-04T19:10:49Z logger.go:66:                             }
TestTerraformCompleteExample 2022-08-04T19:10:49Z logger.go:66:                           - route                     = {
TestTerraformCompleteExample 2022-08-04T19:10:49Z logger.go:66:                               - annotations     = null
TestTerraformCompleteExample 2022-08-04T19:10:49Z logger.go:66:                               - bootstrapPrefix = null
TestTerraformCompleteExample 2022-08-04T19:10:49Z logger.go:66:                               - brokerPrefix    = null
TestTerraformCompleteExample 2022-08-04T19:10:49Z logger.go:66:                               - domain          = null
TestTerraformCompleteExample 2022-08-04T19:10:49Z logger.go:66:                               - labels          = null
TestTerraformCompleteExample 2022-08-04T19:10:49Z logger.go:66:                               - wildcardPolicy  = null
TestTerraformCompleteExample 2022-08-04T19:10:49Z logger.go:66:                             }
TestTerraformCompleteExample 2022-08-04T19:10:49Z logger.go:66:                           - staticForHostBasedRouting = {
TestTerraformCompleteExample 2022-08-04T19:10:49Z logger.go:66:                               - brokerPrefix = null
TestTerraformCompleteExample 2022-08-04T19:10:49Z logger.go:66:                               - domain       = null
TestTerraformCompleteExample 2022-08-04T19:10:49Z logger.go:66:                               - port         = null
TestTerraformCompleteExample 2022-08-04T19:10:49Z logger.go:66:                             }
TestTerraformCompleteExample 2022-08-04T19:10:49Z logger.go:66:                           - staticForPortBasedRouting = {
TestTerraformCompleteExample 2022-08-04T19:10:49Z logger.go:66:                               - host       = null
TestTerraformCompleteExample 2022-08-04T19:10:49Z logger.go:66:                               - portOffset = null
TestTerraformCompleteExample 2022-08-04T19:10:49Z logger.go:66:                             }
TestTerraformCompleteExample 2022-08-04T19:10:49Z logger.go:66:                           - type                      = null
TestTerraformCompleteExample 2022-08-04T19:10:49Z logger.go:66:                         }
TestTerraformCompleteExample 2022-08-04T19:10:49Z logger.go:66:                       - tls            = {
TestTerraformCompleteExample 2022-08-04T19:10:49Z logger.go:66:                           - directoryPathInContainer = null
TestTerraformCompleteExample 2022-08-04T19:10:49Z logger.go:66:                           - enabled                  = null
TestTerraformCompleteExample 2022-08-04T19:10:49Z logger.go:66:                           - ignoreTrustStoreConfig   = null
TestTerraformCompleteExample 2022-08-04T19:10:49Z logger.go:66:                           - jksPassword              = {
TestTerraformCompleteExample 2022-08-04T19:10:49Z logger.go:66:                               - secretRef = null
TestTerraformCompleteExample 2022-08-04T19:10:49Z logger.go:66:                             }
TestTerraformCompleteExample 2022-08-04T19:10:49Z logger.go:66:                           - secretRef                = null
TestTerraformCompleteExample 2022-08-04T19:10:49Z logger.go:66:                         }
TestTerraformCompleteExample 2022-08-04T19:10:49Z logger.go:66:                     }
TestTerraformCompleteExample 2022-08-04T19:10:49Z logger.go:66:                   - internal = {
TestTerraformCompleteExample 2022-08-04T19:10:49Z logger.go:66:                       - authentication = {
TestTerraformCompleteExample 2022-08-04T19:10:49Z logger.go:66:                           - jaasConfig            = {
TestTerraformCompleteExample 2022-08-04T19:10:49Z logger.go:66:                               - secretRef = null
TestTerraformCompleteExample 2022-08-04T19:10:49Z logger.go:66:                             }
TestTerraformCompleteExample 2022-08-04T19:10:49Z logger.go:66:                           - jaasConfigPassThrough = {
TestTerraformCompleteExample 2022-08-04T19:10:49Z logger.go:66:                               - directoryPathInContainer = null
TestTerraformCompleteExample 2022-08-04T19:10:49Z logger.go:66:                               - secretRef                = null
TestTerraformCompleteExample 2022-08-04T19:10:49Z logger.go:66:                             }
TestTerraformCompleteExample 2022-08-04T19:10:49Z logger.go:66:                           - principalMappingRules = null
TestTerraformCompleteExample 2022-08-04T19:10:49Z logger.go:66:                           - type                  = null
TestTerraformCompleteExample 2022-08-04T19:10:49Z logger.go:66:                         }
TestTerraformCompleteExample 2022-08-04T19:10:49Z logger.go:66:                       - tls            = {
TestTerraformCompleteExample 2022-08-04T19:10:49Z logger.go:66:                           - directoryPathInContainer = null
TestTerraformCompleteExample 2022-08-04T19:10:49Z logger.go:66:                           - enabled                  = null
TestTerraformCompleteExample 2022-08-04T19:10:49Z logger.go:66:                           - ignoreTrustStoreConfig   = null
TestTerraformCompleteExample 2022-08-04T19:10:49Z logger.go:66:                           - jksPassword              = {
TestTerraformCompleteExample 2022-08-04T19:10:49Z logger.go:66:                               - secretRef = null
TestTerraformCompleteExample 2022-08-04T19:10:49Z logger.go:66:                             }
TestTerraformCompleteExample 2022-08-04T19:10:49Z logger.go:66:                           - secretRef                = null
TestTerraformCompleteExample 2022-08-04T19:10:49Z logger.go:66:                         }
TestTerraformCompleteExample 2022-08-04T19:10:49Z logger.go:66:                     }
TestTerraformCompleteExample 2022-08-04T19:10:49Z logger.go:66:                 }
TestTerraformCompleteExample 2022-08-04T19:10:49Z logger.go:66:               - metricReporter     = {
TestTerraformCompleteExample 2022-08-04T19:10:49Z logger.go:66:                   - authentication    = {
TestTerraformCompleteExample 2022-08-04T19:10:49Z logger.go:66:                       - jaasConfig            = {
TestTerraformCompleteExample 2022-08-04T19:10:49Z logger.go:66:                           - secretRef = null
TestTerraformCompleteExample 2022-08-04T19:10:49Z logger.go:66:                         }
TestTerraformCompleteExample 2022-08-04T19:10:49Z logger.go:66:                       - jaasConfigPassThrough = {
TestTerraformCompleteExample 2022-08-04T19:10:49Z logger.go:66:                           - directoryPathInContainer = null
TestTerraformCompleteExample 2022-08-04T19:10:49Z logger.go:66:                           - secretRef                = null
TestTerraformCompleteExample 2022-08-04T19:10:49Z logger.go:66:                         }
TestTerraformCompleteExample 2022-08-04T19:10:49Z logger.go:66:                       - oauthbearer           = {
TestTerraformCompleteExample 2022-08-04T19:10:49Z logger.go:66:                           - directoryPathInContainer = null
TestTerraformCompleteExample 2022-08-04T19:10:49Z logger.go:66:                           - secretRef                = null
TestTerraformCompleteExample 2022-08-04T19:10:49Z logger.go:66:                         }
TestTerraformCompleteExample 2022-08-04T19:10:49Z logger.go:66:                       - type                  = null
TestTerraformCompleteExample 2022-08-04T19:10:49Z logger.go:66:                     }
TestTerraformCompleteExample 2022-08-04T19:10:49Z logger.go:66:                   - bootstrapEndpoint = null
TestTerraformCompleteExample 2022-08-04T19:10:49Z logger.go:66:                   - enabled           = true
TestTerraformCompleteExample 2022-08-04T19:10:49Z logger.go:66:                   - replicationFactor = null
TestTerraformCompleteExample 2022-08-04T19:10:49Z logger.go:66:                   - tls               = {
TestTerraformCompleteExample 2022-08-04T19:10:49Z logger.go:66:                       - directoryPathInContainer = null
TestTerraformCompleteExample 2022-08-04T19:10:49Z logger.go:66:                       - enabled                  = null
TestTerraformCompleteExample 2022-08-04T19:10:49Z logger.go:66:                       - ignoreTrustStoreConfig   = null
TestTerraformCompleteExample 2022-08-04T19:10:49Z logger.go:66:                       - jksPassword              = {
TestTerraformCompleteExample 2022-08-04T19:10:49Z logger.go:66:                           - secretRef = null
TestTerraformCompleteExample 2022-08-04T19:10:49Z logger.go:66:                         }
TestTerraformCompleteExample 2022-08-04T19:10:49Z logger.go:66:                       - secretRef                = null
TestTerraformCompleteExample 2022-08-04T19:10:49Z logger.go:66:                     }
TestTerraformCompleteExample 2022-08-04T19:10:49Z logger.go:66:                 }
TestTerraformCompleteExample 2022-08-04T19:10:49Z logger.go:66:               - metrics            = {
TestTerraformCompleteExample 2022-08-04T19:10:49Z logger.go:66:                   - authentication = {
TestTerraformCompleteExample 2022-08-04T19:10:49Z logger.go:66:                       - type = null
TestTerraformCompleteExample 2022-08-04T19:10:49Z logger.go:66:                     }
TestTerraformCompleteExample 2022-08-04T19:10:49Z logger.go:66:                   - prometheus     = {
TestTerraformCompleteExample 2022-08-04T19:10:49Z logger.go:66:                       - blacklist = null
TestTerraformCompleteExample 2022-08-04T19:10:49Z logger.go:66:                       - rules     = null
TestTerraformCompleteExample 2022-08-04T19:10:49Z logger.go:66:                       - whitelist = null
TestTerraformCompleteExample 2022-08-04T19:10:49Z logger.go:66:                     }
TestTerraformCompleteExample 2022-08-04T19:10:49Z logger.go:66:                   - tls            = {
TestTerraformCompleteExample 2022-08-04T19:10:49Z logger.go:66:                       - directoryPathInContainer = null
TestTerraformCompleteExample 2022-08-04T19:10:49Z logger.go:66:                       - enabled                  = null
TestTerraformCompleteExample 2022-08-04T19:10:49Z logger.go:66:                       - ignoreTrustStoreConfig   = null
TestTerraformCompleteExample 2022-08-04T19:10:49Z logger.go:66:                       - jksPassword              = {
TestTerraformCompleteExample 2022-08-04T19:10:49Z logger.go:66:                           - secretRef = null
TestTerraformCompleteExample 2022-08-04T19:10:49Z logger.go:66:                         }
TestTerraformCompleteExample 2022-08-04T19:10:49Z logger.go:66:                       - secretRef                = null
TestTerraformCompleteExample 2022-08-04T19:10:49Z logger.go:66:                     }
TestTerraformCompleteExample 2022-08-04T19:10:49Z logger.go:66:                 }
TestTerraformCompleteExample 2022-08-04T19:10:49Z logger.go:66:               - mountedSecrets     = null
TestTerraformCompleteExample 2022-08-04T19:10:49Z logger.go:66:               - mountedVolumes     = {
TestTerraformCompleteExample 2022-08-04T19:10:49Z logger.go:66:                   - volumeMounts = null
TestTerraformCompleteExample 2022-08-04T19:10:49Z logger.go:66:                   - volumes      = null
TestTerraformCompleteExample 2022-08-04T19:10:49Z logger.go:66:                 }
TestTerraformCompleteExample 2022-08-04T19:10:49Z logger.go:66:               - oneReplicaPerNode  = null
TestTerraformCompleteExample 2022-08-04T19:10:49Z logger.go:66:               - passwordEncoder    = {
TestTerraformCompleteExample 2022-08-04T19:10:49Z logger.go:66:                   - directoryPathInContainer = null
TestTerraformCompleteExample 2022-08-04T19:10:49Z logger.go:66:                   - secretRef                = null
TestTerraformCompleteExample 2022-08-04T19:10:49Z logger.go:66:                 }
TestTerraformCompleteExample 2022-08-04T19:10:49Z logger.go:66:               - podTemplate        = {
TestTerraformCompleteExample 2022-08-04T19:10:49Z logger.go:66:                   - affinity                      = {
TestTerraformCompleteExample 2022-08-04T19:10:49Z logger.go:66:                       - nodeAffinity    = {
TestTerraformCompleteExample 2022-08-04T19:10:49Z logger.go:66:                           - preferredDuringSchedulingIgnoredDuringExecution = null
TestTerraformCompleteExample 2022-08-04T19:10:49Z logger.go:66:                           - requiredDuringSchedulingIgnoredDuringExecution  = {
TestTerraformCompleteExample 2022-08-04T19:10:49Z logger.go:66:                               - nodeSelectorTerms = null
TestTerraformCompleteExample 2022-08-04T19:10:49Z logger.go:66:                             }
TestTerraformCompleteExample 2022-08-04T19:10:49Z logger.go:66:                         }
TestTerraformCompleteExample 2022-08-04T19:10:49Z logger.go:66:                       - podAffinity     = {
TestTerraformCompleteExample 2022-08-04T19:10:49Z logger.go:66:                           - preferredDuringSchedulingIgnoredDuringExecution = null
TestTerraformCompleteExample 2022-08-04T19:10:49Z logger.go:66:                           - requiredDuringSchedulingIgnoredDuringExecution  = null
TestTerraformCompleteExample 2022-08-04T19:10:49Z logger.go:66:                         }
TestTerraformCompleteExample 2022-08-04T19:10:49Z logger.go:66:                       - podAntiAffinity = {
TestTerraformCompleteExample 2022-08-04T19:10:49Z logger.go:66:                           - preferredDuringSchedulingIgnoredDuringExecution = null
TestTerraformCompleteExample 2022-08-04T19:10:49Z logger.go:66:                           - requiredDuringSchedulingIgnoredDuringExecution  = null
TestTerraformCompleteExample 2022-08-04T19:10:49Z logger.go:66:                         }
TestTerraformCompleteExample 2022-08-04T19:10:49Z logger.go:66:                     }
TestTerraformCompleteExample 2022-08-04T19:10:49Z logger.go:66:                   - annotations                   = null
TestTerraformCompleteExample 2022-08-04T19:10:49Z logger.go:66:                   - envVars                       = null
TestTerraformCompleteExample 2022-08-04T19:10:49Z logger.go:66:                   - labels                        = null
TestTerraformCompleteExample 2022-08-04T19:10:49Z logger.go:66:                   - podSecurityContext            = {
TestTerraformCompleteExample 2022-08-04T19:10:49Z logger.go:66:                       - fsGroup             = null
TestTerraformCompleteExample 2022-08-04T19:10:49Z logger.go:66:                       - fsGroupChangePolicy = null
TestTerraformCompleteExample 2022-08-04T19:10:49Z logger.go:66:                       - runAsGroup          = null
TestTerraformCompleteExample 2022-08-04T19:10:49Z logger.go:66:                       - runAsNonRoot        = null
TestTerraformCompleteExample 2022-08-04T19:10:49Z logger.go:66:                       - runAsUser           = null
TestTerraformCompleteExample 2022-08-04T19:10:49Z logger.go:66:                       - seLinuxOptions      = {
TestTerraformCompleteExample 2022-08-04T19:10:49Z logger.go:66:                           - level = null
TestTerraformCompleteExample 2022-08-04T19:10:49Z logger.go:66:                           - role  = null
TestTerraformCompleteExample 2022-08-04T19:10:49Z logger.go:66:                           - type  = null
TestTerraformCompleteExample 2022-08-04T19:10:49Z logger.go:66:                           - user  = null
TestTerraformCompleteExample 2022-08-04T19:10:49Z logger.go:66:                         }
TestTerraformCompleteExample 2022-08-04T19:10:49Z logger.go:66:                       - seccompProfile      = {
TestTerraformCompleteExample 2022-08-04T19:10:49Z logger.go:66:                           - localhostProfile = null
TestTerraformCompleteExample 2022-08-04T19:10:49Z logger.go:66:                           - type             = null
TestTerraformCompleteExample 2022-08-04T19:10:49Z logger.go:66:                         }
TestTerraformCompleteExample 2022-08-04T19:10:49Z logger.go:66:                       - supplementalGroups  = null
TestTerraformCompleteExample 2022-08-04T19:10:49Z logger.go:66:                       - sysctls             = null
TestTerraformCompleteExample 2022-08-04T19:10:49Z logger.go:66:                       - windowsOptions      = {
TestTerraformCompleteExample 2022-08-04T19:10:49Z logger.go:66:                           - gmsaCredentialSpec     = null
TestTerraformCompleteExample 2022-08-04T19:10:49Z logger.go:66:                           - gmsaCredentialSpecName = null
TestTerraformCompleteExample 2022-08-04T19:10:49Z logger.go:66:                           - hostProcess            = null
TestTerraformCompleteExample 2022-08-04T19:10:49Z logger.go:66:                           - runAsUserName          = null
TestTerraformCompleteExample 2022-08-04T19:10:49Z logger.go:66:                         }
TestTerraformCompleteExample 2022-08-04T19:10:49Z logger.go:66:                     }
TestTerraformCompleteExample 2022-08-04T19:10:49Z logger.go:66:                   - priorityClassName             = null
TestTerraformCompleteExample 2022-08-04T19:10:49Z logger.go:66:                   - probe                         = {
TestTerraformCompleteExample 2022-08-04T19:10:49Z logger.go:66:                       - liveness  = {
TestTerraformCompleteExample 2022-08-04T19:10:49Z logger.go:66:                           - failureThreshold    = null
TestTerraformCompleteExample 2022-08-04T19:10:49Z logger.go:66:                           - initialDelaySeconds = null
TestTerraformCompleteExample 2022-08-04T19:10:49Z logger.go:66:                           - periodSeconds       = null
TestTerraformCompleteExample 2022-08-04T19:10:49Z logger.go:66:                           - successThreshold    = null
TestTerraformCompleteExample 2022-08-04T19:10:49Z logger.go:66:                           - timeoutSeconds      = null
TestTerraformCompleteExample 2022-08-04T19:10:49Z logger.go:66:                         }
TestTerraformCompleteExample 2022-08-04T19:10:49Z logger.go:66:                       - readiness = {
TestTerraformCompleteExample 2022-08-04T19:10:49Z logger.go:66:                           - failureThreshold    = null
TestTerraformCompleteExample 2022-08-04T19:10:49Z logger.go:66:                           - initialDelaySeconds = null
TestTerraformCompleteExample 2022-08-04T19:10:49Z logger.go:66:                           - periodSeconds       = null
TestTerraformCompleteExample 2022-08-04T19:10:49Z logger.go:66:                           - successThreshold    = null
TestTerraformCompleteExample 2022-08-04T19:10:49Z logger.go:66:                           - timeoutSeconds      = null
TestTerraformCompleteExample 2022-08-04T19:10:49Z logger.go:66:                         }
TestTerraformCompleteExample 2022-08-04T19:10:49Z logger.go:66:                     }
TestTerraformCompleteExample 2022-08-04T19:10:49Z logger.go:66:                   - resources                     = {
TestTerraformCompleteExample 2022-08-04T19:10:49Z logger.go:66:                       - limits   = null
TestTerraformCompleteExample 2022-08-04T19:10:49Z logger.go:66:                       - requests = null
TestTerraformCompleteExample 2022-08-04T19:10:49Z logger.go:66:                     }
TestTerraformCompleteExample 2022-08-04T19:10:49Z logger.go:66:                   - securityContext               = {
TestTerraformCompleteExample 2022-08-04T19:10:49Z logger.go:66:                       - allowPrivilegeEscalation = null
TestTerraformCompleteExample 2022-08-04T19:10:49Z logger.go:66:                       - capabilities             = {
TestTerraformCompleteExample 2022-08-04T19:10:49Z logger.go:66:                           - add  = null
TestTerraformCompleteExample 2022-08-04T19:10:49Z logger.go:66:                           - drop = null
TestTerraformCompleteExample 2022-08-04T19:10:49Z logger.go:66:                         }
TestTerraformCompleteExample 2022-08-04T19:10:49Z logger.go:66:                       - privileged               = null
TestTerraformCompleteExample 2022-08-04T19:10:49Z logger.go:66:                       - procMount                = null
TestTerraformCompleteExample 2022-08-04T19:10:49Z logger.go:66:                       - readOnlyRootFilesystem   = null
TestTerraformCompleteExample 2022-08-04T19:10:49Z logger.go:66:                       - runAsGroup               = null
TestTerraformCompleteExample 2022-08-04T19:10:49Z logger.go:66:                       - runAsNonRoot             = null
TestTerraformCompleteExample 2022-08-04T19:10:49Z logger.go:66:                       - runAsUser                = null
TestTerraformCompleteExample 2022-08-04T19:10:49Z logger.go:66:                       - seLinuxOptions           = {
TestTerraformCompleteExample 2022-08-04T19:10:49Z logger.go:66:                           - level = null
TestTerraformCompleteExample 2022-08-04T19:10:49Z logger.go:66:                           - role  = null
TestTerraformCompleteExample 2022-08-04T19:10:49Z logger.go:66:                           - type  = null
TestTerraformCompleteExample 2022-08-04T19:10:49Z logger.go:66:                           - user  = null
TestTerraformCompleteExample 2022-08-04T19:10:49Z logger.go:66:                         }
TestTerraformCompleteExample 2022-08-04T19:10:49Z logger.go:66:                       - seccompProfile           = {
TestTerraformCompleteExample 2022-08-04T19:10:49Z logger.go:66:                           - localhostProfile = null
TestTerraformCompleteExample 2022-08-04T19:10:49Z logger.go:66:                           - type             = null
TestTerraformCompleteExample 2022-08-04T19:10:49Z logger.go:66:                         }
TestTerraformCompleteExample 2022-08-04T19:10:49Z logger.go:66:                       - windowsOptions           = {
TestTerraformCompleteExample 2022-08-04T19:10:49Z logger.go:66:                           - gmsaCredentialSpec     = null
TestTerraformCompleteExample 2022-08-04T19:10:49Z logger.go:66:                           - gmsaCredentialSpecName = null
TestTerraformCompleteExample 2022-08-04T19:10:49Z logger.go:66:                           - hostProcess            = null
TestTerraformCompleteExample 2022-08-04T19:10:49Z logger.go:66:                           - runAsUserName          = null
TestTerraformCompleteExample 2022-08-04T19:10:49Z logger.go:66:                         }
TestTerraformCompleteExample 2022-08-04T19:10:49Z logger.go:66:                     }
TestTerraformCompleteExample 2022-08-04T19:10:49Z logger.go:66:                   - serviceAccountName            = null
TestTerraformCompleteExample 2022-08-04T19:10:49Z logger.go:66:                   - terminationGracePeriodSeconds = null
TestTerraformCompleteExample 2022-08-04T19:10:49Z logger.go:66:                   - tolerations                   = null
TestTerraformCompleteExample 2022-08-04T19:10:49Z logger.go:66:                   - topologySpreadConstraints     = null
TestTerraformCompleteExample 2022-08-04T19:10:49Z logger.go:66:                 }
TestTerraformCompleteExample 2022-08-04T19:10:49Z logger.go:66:               - rackAssignment     = {
TestTerraformCompleteExample 2022-08-04T19:10:49Z logger.go:66:                   - availabilityZoneCount = null
TestTerraformCompleteExample 2022-08-04T19:10:49Z logger.go:66:                   - nodeLabels            = null
TestTerraformCompleteExample 2022-08-04T19:10:49Z logger.go:66:                 }
TestTerraformCompleteExample 2022-08-04T19:10:49Z logger.go:66:               - replicas           = 3
TestTerraformCompleteExample 2022-08-04T19:10:49Z logger.go:66:               - services           = {
TestTerraformCompleteExample 2022-08-04T19:10:49Z logger.go:66:                   - kafkaRest = {
TestTerraformCompleteExample 2022-08-04T19:10:49Z logger.go:66:                       - authentication = {
TestTerraformCompleteExample 2022-08-04T19:10:49Z logger.go:66:                           - basic = {
TestTerraformCompleteExample 2022-08-04T19:10:49Z logger.go:66:                               - debug                    = null
TestTerraformCompleteExample 2022-08-04T19:10:49Z logger.go:66:                               - directoryPathInContainer = null
TestTerraformCompleteExample 2022-08-04T19:10:49Z logger.go:66:                               - restrictedRoles          = null
TestTerraformCompleteExample 2022-08-04T19:10:49Z logger.go:66:                               - roles                    = null
TestTerraformCompleteExample 2022-08-04T19:10:49Z logger.go:66:                               - secretRef                = null
TestTerraformCompleteExample 2022-08-04T19:10:49Z logger.go:66:                             }
TestTerraformCompleteExample 2022-08-04T19:10:49Z logger.go:66:                           - type  = null
TestTerraformCompleteExample 2022-08-04T19:10:49Z logger.go:66:                         }
TestTerraformCompleteExample 2022-08-04T19:10:49Z logger.go:66:                       - externalAccess = {
TestTerraformCompleteExample 2022-08-04T19:10:49Z logger.go:66:                           - loadBalancer = {
TestTerraformCompleteExample 2022-08-04T19:10:49Z logger.go:66:                               - advertisedURL            = {
TestTerraformCompleteExample 2022-08-04T19:10:49Z logger.go:66:                                   - enabled = null
TestTerraformCompleteExample 2022-08-04T19:10:49Z logger.go:66:                                   - prefix  = null
TestTerraformCompleteExample 2022-08-04T19:10:49Z logger.go:66:                                 }
TestTerraformCompleteExample 2022-08-04T19:10:49Z logger.go:66:                               - annotations              = null
TestTerraformCompleteExample 2022-08-04T19:10:49Z logger.go:66:                               - domain                   = null
TestTerraformCompleteExample 2022-08-04T19:10:49Z logger.go:66:                               - externalTrafficPolicy    = null
TestTerraformCompleteExample 2022-08-04T19:10:49Z logger.go:66:                               - labels                   = null
TestTerraformCompleteExample 2022-08-04T19:10:49Z logger.go:66:                               - loadBalancerSourceRanges = null
TestTerraformCompleteExample 2022-08-04T19:10:49Z logger.go:66:                               - port                     = null
TestTerraformCompleteExample 2022-08-04T19:10:49Z logger.go:66:                               - prefix                   = null
TestTerraformCompleteExample 2022-08-04T19:10:49Z logger.go:66:                               - servicePorts             = null
TestTerraformCompleteExample 2022-08-04T19:10:49Z logger.go:66:                               - sessionAffinity          = null
TestTerraformCompleteExample 2022-08-04T19:10:49Z logger.go:66:                               - sessionAffinityConfig    = {
TestTerraformCompleteExample 2022-08-04T19:10:49Z logger.go:66:                                   - clientIP = {
TestTerraformCompleteExample 2022-08-04T19:10:49Z logger.go:66:                                       - timeoutSeconds = null
TestTerraformCompleteExample 2022-08-04T19:10:49Z logger.go:66:                                     }
TestTerraformCompleteExample 2022-08-04T19:10:49Z logger.go:66:                                 }
TestTerraformCompleteExample 2022-08-04T19:10:49Z logger.go:66:                             }
TestTerraformCompleteExample 2022-08-04T19:10:49Z logger.go:66:                           - nodePort     = {
TestTerraformCompleteExample 2022-08-04T19:10:49Z logger.go:66:                               - advertisedURL         = {
TestTerraformCompleteExample 2022-08-04T19:10:49Z logger.go:66:                                   - enabled = null
TestTerraformCompleteExample 2022-08-04T19:10:49Z logger.go:66:                                   - prefix  = null
TestTerraformCompleteExample 2022-08-04T19:10:49Z logger.go:66:                                 }
TestTerraformCompleteExample 2022-08-04T19:10:49Z logger.go:66:                               - annotations           = null
TestTerraformCompleteExample 2022-08-04T19:10:49Z logger.go:66:                               - externalTrafficPolicy = null
TestTerraformCompleteExample 2022-08-04T19:10:49Z logger.go:66:                               - host                  = null
TestTerraformCompleteExample 2022-08-04T19:10:49Z logger.go:66:                               - labels                = null
TestTerraformCompleteExample 2022-08-04T19:10:49Z logger.go:66:                               - nodePortOffset        = null
TestTerraformCompleteExample 2022-08-04T19:10:49Z logger.go:66:                               - servicePorts          = null
TestTerraformCompleteExample 2022-08-04T19:10:49Z logger.go:66:                               - sessionAffinity       = null
TestTerraformCompleteExample 2022-08-04T19:10:49Z logger.go:66:                               - sessionAffinityConfig = {
TestTerraformCompleteExample 2022-08-04T19:10:49Z logger.go:66:                                   - clientIP = {
TestTerraformCompleteExample 2022-08-04T19:10:49Z logger.go:66:                                       - timeoutSeconds = null
TestTerraformCompleteExample 2022-08-04T19:10:49Z logger.go:66:                                     }
TestTerraformCompleteExample 2022-08-04T19:10:49Z logger.go:66:                                 }
TestTerraformCompleteExample 2022-08-04T19:10:49Z logger.go:66:                             }
TestTerraformCompleteExample 2022-08-04T19:10:49Z logger.go:66:                           - route        = {
TestTerraformCompleteExample 2022-08-04T19:10:49Z logger.go:66:                               - annotations    = null
TestTerraformCompleteExample 2022-08-04T19:10:49Z logger.go:66:                               - domain         = null
TestTerraformCompleteExample 2022-08-04T19:10:49Z logger.go:66:                               - labels         = null
TestTerraformCompleteExample 2022-08-04T19:10:49Z logger.go:66:                               - prefix         = null
TestTerraformCompleteExample 2022-08-04T19:10:49Z logger.go:66:                               - wildcardPolicy = null
TestTerraformCompleteExample 2022-08-04T19:10:49Z logger.go:66:                             }
TestTerraformCompleteExample 2022-08-04T19:10:49Z logger.go:66:                           - type         = null
TestTerraformCompleteExample 2022-08-04T19:10:49Z logger.go:66:                         }
TestTerraformCompleteExample 2022-08-04T19:10:49Z logger.go:66:                       - tls            = {
TestTerraformCompleteExample 2022-08-04T19:10:49Z logger.go:66:                           - directoryPathInContainer = null
TestTerraformCompleteExample 2022-08-04T19:10:49Z logger.go:66:                           - enabled                  = null
TestTerraformCompleteExample 2022-08-04T19:10:49Z logger.go:66:                           - ignoreTrustStoreConfig   = null
TestTerraformCompleteExample 2022-08-04T19:10:49Z logger.go:66:                           - jksPassword              = {
TestTerraformCompleteExample 2022-08-04T19:10:49Z logger.go:66:                               - secretRef = null
TestTerraformCompleteExample 2022-08-04T19:10:49Z logger.go:66:                             }
TestTerraformCompleteExample 2022-08-04T19:10:49Z logger.go:66:                           - secretRef                = null
TestTerraformCompleteExample 2022-08-04T19:10:49Z logger.go:66:                         }
TestTerraformCompleteExample 2022-08-04T19:10:49Z logger.go:66:                     }
TestTerraformCompleteExample 2022-08-04T19:10:49Z logger.go:66:                   - mds       = {
TestTerraformCompleteExample 2022-08-04T19:10:49Z logger.go:66:                       - authentication = {
TestTerraformCompleteExample 2022-08-04T19:10:49Z logger.go:66:                           - type = null
TestTerraformCompleteExample 2022-08-04T19:10:49Z logger.go:66:                         }
TestTerraformCompleteExample 2022-08-04T19:10:49Z logger.go:66:                       - externalAccess = {
TestTerraformCompleteExample 2022-08-04T19:10:49Z logger.go:66:                           - loadBalancer = {
TestTerraformCompleteExample 2022-08-04T19:10:49Z logger.go:66:                               - advertisedURL            = {
TestTerraformCompleteExample 2022-08-04T19:10:49Z logger.go:66:                                   - enabled = null
TestTerraformCompleteExample 2022-08-04T19:10:49Z logger.go:66:                                   - prefix  = null
TestTerraformCompleteExample 2022-08-04T19:10:49Z logger.go:66:                                 }
TestTerraformCompleteExample 2022-08-04T19:10:49Z logger.go:66:                               - annotations              = null
TestTerraformCompleteExample 2022-08-04T19:10:49Z logger.go:66:                               - domain                   = null
TestTerraformCompleteExample 2022-08-04T19:10:49Z logger.go:66:                               - externalTrafficPolicy    = null
TestTerraformCompleteExample 2022-08-04T19:10:49Z logger.go:66:                               - labels                   = null
TestTerraformCompleteExample 2022-08-04T19:10:49Z logger.go:66:                               - loadBalancerSourceRanges = null
TestTerraformCompleteExample 2022-08-04T19:10:49Z logger.go:66:                               - port                     = null
TestTerraformCompleteExample 2022-08-04T19:10:49Z logger.go:66:                               - prefix                   = null
TestTerraformCompleteExample 2022-08-04T19:10:49Z logger.go:66:                               - servicePorts             = null
TestTerraformCompleteExample 2022-08-04T19:10:49Z logger.go:66:                               - sessionAffinity          = null
TestTerraformCompleteExample 2022-08-04T19:10:49Z logger.go:66:                               - sessionAffinityConfig    = {
TestTerraformCompleteExample 2022-08-04T19:10:49Z logger.go:66:                                   - clientIP = {
TestTerraformCompleteExample 2022-08-04T19:10:49Z logger.go:66:                                       - timeoutSeconds = null
TestTerraformCompleteExample 2022-08-04T19:10:49Z logger.go:66:                                     }
TestTerraformCompleteExample 2022-08-04T19:10:49Z logger.go:66:                                 }
TestTerraformCompleteExample 2022-08-04T19:10:49Z logger.go:66:                             }
TestTerraformCompleteExample 2022-08-04T19:10:49Z logger.go:66:                           - nodePort     = {
TestTerraformCompleteExample 2022-08-04T19:10:49Z logger.go:66:                               - advertisedURL         = {
TestTerraformCompleteExample 2022-08-04T19:10:49Z logger.go:66:                                   - enabled = null
TestTerraformCompleteExample 2022-08-04T19:10:49Z logger.go:66:                                   - prefix  = null
TestTerraformCompleteExample 2022-08-04T19:10:49Z logger.go:66:                                 }
TestTerraformCompleteExample 2022-08-04T19:10:49Z logger.go:66:                               - annotations           = null
TestTerraformCompleteExample 2022-08-04T19:10:49Z logger.go:66:                               - externalTrafficPolicy = null
TestTerraformCompleteExample 2022-08-04T19:10:49Z logger.go:66:                               - host                  = null
TestTerraformCompleteExample 2022-08-04T19:10:49Z logger.go:66:                               - labels                = null
TestTerraformCompleteExample 2022-08-04T19:10:49Z logger.go:66:                               - nodePortOffset        = null
TestTerraformCompleteExample 2022-08-04T19:10:49Z logger.go:66:                               - servicePorts          = null
TestTerraformCompleteExample 2022-08-04T19:10:49Z logger.go:66:                               - sessionAffinity       = null
TestTerraformCompleteExample 2022-08-04T19:10:49Z logger.go:66:                               - sessionAffinityConfig = {
TestTerraformCompleteExample 2022-08-04T19:10:49Z logger.go:66:                                   - clientIP = {
TestTerraformCompleteExample 2022-08-04T19:10:49Z logger.go:66:                                       - timeoutSeconds = null
TestTerraformCompleteExample 2022-08-04T19:10:49Z logger.go:66:                                     }
TestTerraformCompleteExample 2022-08-04T19:10:49Z logger.go:66:                                 }
TestTerraformCompleteExample 2022-08-04T19:10:49Z logger.go:66:                             }
TestTerraformCompleteExample 2022-08-04T19:10:49Z logger.go:66:                           - route        = {
TestTerraformCompleteExample 2022-08-04T19:10:49Z logger.go:66:                               - annotations    = null
TestTerraformCompleteExample 2022-08-04T19:10:49Z logger.go:66:                               - domain         = null
TestTerraformCompleteExample 2022-08-04T19:10:49Z logger.go:66:                               - labels         = null
TestTerraformCompleteExample 2022-08-04T19:10:49Z logger.go:66:                               - prefix         = null
TestTerraformCompleteExample 2022-08-04T19:10:49Z logger.go:66:                               - wildcardPolicy = null
TestTerraformCompleteExample 2022-08-04T19:10:49Z logger.go:66:                             }
TestTerraformCompleteExample 2022-08-04T19:10:49Z logger.go:66:                           - type         = null
TestTerraformCompleteExample 2022-08-04T19:10:49Z logger.go:66:                         }
TestTerraformCompleteExample 2022-08-04T19:10:49Z logger.go:66:                       - provider       = {
TestTerraformCompleteExample 2022-08-04T19:10:49Z logger.go:66:                           - ldap = {
TestTerraformCompleteExample 2022-08-04T19:10:49Z logger.go:66:                               - address        = null
TestTerraformCompleteExample 2022-08-04T19:10:49Z logger.go:66:                               - authentication = {
TestTerraformCompleteExample 2022-08-04T19:10:49Z logger.go:66:                                   - simple = {
TestTerraformCompleteExample 2022-08-04T19:10:49Z logger.go:66:                                       - directoryPathInContainer = null
TestTerraformCompleteExample 2022-08-04T19:10:49Z logger.go:66:                                       - secretRef                = null
TestTerraformCompleteExample 2022-08-04T19:10:49Z logger.go:66:                                     }
TestTerraformCompleteExample 2022-08-04T19:10:49Z logger.go:66:                                   - type   = null
TestTerraformCompleteExample 2022-08-04T19:10:49Z logger.go:66:                                 }
TestTerraformCompleteExample 2022-08-04T19:10:49Z logger.go:66:                               - configurations = {
TestTerraformCompleteExample 2022-08-04T19:10:49Z logger.go:66:                                   - groupMemberAttribute         = null
TestTerraformCompleteExample 2022-08-04T19:10:49Z logger.go:66:                                   - groupMemberAttributePattern  = null
TestTerraformCompleteExample 2022-08-04T19:10:49Z logger.go:66:                                   - groupNameAttribute           = null
TestTerraformCompleteExample 2022-08-04T19:10:49Z logger.go:66:                                   - groupObjectClass             = null
TestTerraformCompleteExample 2022-08-04T19:10:49Z logger.go:66:                                   - groupSearchBase              = null
TestTerraformCompleteExample 2022-08-04T19:10:49Z logger.go:66:                                   - groupSearchFilter            = null
TestTerraformCompleteExample 2022-08-04T19:10:49Z logger.go:66:                                   - groupSearchScope             = null
TestTerraformCompleteExample 2022-08-04T19:10:49Z logger.go:66:                                   - userMemberOfAttributePattern = null
TestTerraformCompleteExample 2022-08-04T19:10:49Z logger.go:66:                                   - userNameAttribute            = null
TestTerraformCompleteExample 2022-08-04T19:10:49Z logger.go:66:                                   - userObjectClass              = null
TestTerraformCompleteExample 2022-08-04T19:10:49Z logger.go:66:                                   - userSearchBase               = null
TestTerraformCompleteExample 2022-08-04T19:10:49Z logger.go:66:                                   - userSearchFilter             = null
TestTerraformCompleteExample 2022-08-04T19:10:49Z logger.go:66:                                   - userSearchScope              = null
TestTerraformCompleteExample 2022-08-04T19:10:49Z logger.go:66:                                 }
TestTerraformCompleteExample 2022-08-04T19:10:49Z logger.go:66:                               - tls            = {
TestTerraformCompleteExample 2022-08-04T19:10:49Z logger.go:66:                                   - directoryPathInContainer = null
TestTerraformCompleteExample 2022-08-04T19:10:49Z logger.go:66:                                   - enabled                  = null
TestTerraformCompleteExample 2022-08-04T19:10:49Z logger.go:66:                                   - ignoreTrustStoreConfig   = null
TestTerraformCompleteExample 2022-08-04T19:10:49Z logger.go:66:                                   - jksPassword              = {
TestTerraformCompleteExample 2022-08-04T19:10:49Z logger.go:66:                                       - secretRef = null
TestTerraformCompleteExample 2022-08-04T19:10:49Z logger.go:66:                                     }
TestTerraformCompleteExample 2022-08-04T19:10:49Z logger.go:66:                                   - secretRef                = null
TestTerraformCompleteExample 2022-08-04T19:10:49Z logger.go:66:                                 }
TestTerraformCompleteExample 2022-08-04T19:10:49Z logger.go:66:                             }
TestTerraformCompleteExample 2022-08-04T19:10:49Z logger.go:66:                           - type = null
TestTerraformCompleteExample 2022-08-04T19:10:49Z logger.go:66:                         }
TestTerraformCompleteExample 2022-08-04T19:10:49Z logger.go:66:                       - tls            = {
TestTerraformCompleteExample 2022-08-04T19:10:49Z logger.go:66:                           - directoryPathInContainer = null
TestTerraformCompleteExample 2022-08-04T19:10:49Z logger.go:66:                           - enabled                  = null
TestTerraformCompleteExample 2022-08-04T19:10:49Z logger.go:66:                           - ignoreTrustStoreConfig   = null
TestTerraformCompleteExample 2022-08-04T19:10:49Z logger.go:66:                           - jksPassword              = {
TestTerraformCompleteExample 2022-08-04T19:10:49Z logger.go:66:                               - secretRef = null
TestTerraformCompleteExample 2022-08-04T19:10:49Z logger.go:66:                             }
TestTerraformCompleteExample 2022-08-04T19:10:49Z logger.go:66:                           - secretRef                = null
TestTerraformCompleteExample 2022-08-04T19:10:49Z logger.go:66:                         }
TestTerraformCompleteExample 2022-08-04T19:10:49Z logger.go:66:                       - tokenKeyPair   = {
TestTerraformCompleteExample 2022-08-04T19:10:49Z logger.go:66:                           - directoryPathInContainer = null
TestTerraformCompleteExample 2022-08-04T19:10:49Z logger.go:66:                           - secretRef                = null
TestTerraformCompleteExample 2022-08-04T19:10:49Z logger.go:66:                         }
TestTerraformCompleteExample 2022-08-04T19:10:49Z logger.go:66:                     }
TestTerraformCompleteExample 2022-08-04T19:10:49Z logger.go:66:                 }
TestTerraformCompleteExample 2022-08-04T19:10:49Z logger.go:66:               - storageClass       = {
TestTerraformCompleteExample 2022-08-04T19:10:49Z logger.go:66:                   - name = null
TestTerraformCompleteExample 2022-08-04T19:10:49Z logger.go:66:                 }
TestTerraformCompleteExample 2022-08-04T19:10:49Z logger.go:66:               - telemetry          = {
TestTerraformCompleteExample 2022-08-04T19:10:49Z logger.go:66:                   - global = null
TestTerraformCompleteExample 2022-08-04T19:10:49Z logger.go:66:                 }
TestTerraformCompleteExample 2022-08-04T19:10:49Z logger.go:66:               - tls                = {
TestTerraformCompleteExample 2022-08-04T19:10:49Z logger.go:66:                   - autoGeneratedCerts       = null
TestTerraformCompleteExample 2022-08-04T19:10:49Z logger.go:66:                   - directoryPathInContainer = null
TestTerraformCompleteExample 2022-08-04T19:10:49Z logger.go:66:                   - ignoreTrustStoreConfig   = null
TestTerraformCompleteExample 2022-08-04T19:10:49Z logger.go:66:                   - jksPassword              = {
TestTerraformCompleteExample 2022-08-04T19:10:49Z logger.go:66:                       - secretRef = null
TestTerraformCompleteExample 2022-08-04T19:10:49Z logger.go:66:                     }
TestTerraformCompleteExample 2022-08-04T19:10:49Z logger.go:66:                   - secretRef                = null
TestTerraformCompleteExample 2022-08-04T19:10:49Z logger.go:66:                 }
TestTerraformCompleteExample 2022-08-04T19:10:49Z logger.go:66:             }
TestTerraformCompleteExample 2022-08-04T19:10:49Z logger.go:66:         } -> null
TestTerraformCompleteExample 2022-08-04T19:10:49Z logger.go:66:
TestTerraformCompleteExample 2022-08-04T19:10:49Z logger.go:66:       - timeouts {
TestTerraformCompleteExample 2022-08-04T19:10:49Z logger.go:66:           - create = "1h" -> null
TestTerraformCompleteExample 2022-08-04T19:10:49Z logger.go:66:           - delete = "10m" -> null
TestTerraformCompleteExample 2022-08-04T19:10:49Z logger.go:66:           - update = "1h" -> null
TestTerraformCompleteExample 2022-08-04T19:10:49Z logger.go:66:         }
TestTerraformCompleteExample 2022-08-04T19:10:49Z logger.go:66:
TestTerraformCompleteExample 2022-08-04T19:10:49Z logger.go:66:       - wait {
TestTerraformCompleteExample 2022-08-04T19:10:49Z logger.go:66:           - fields = {
TestTerraformCompleteExample 2022-08-04T19:10:49Z logger.go:66:               - "status.phase" = "RUNNING"
TestTerraformCompleteExample 2022-08-04T19:10:49Z logger.go:66:             } -> null
TestTerraformCompleteExample 2022-08-04T19:10:49Z logger.go:66:         }
TestTerraformCompleteExample 2022-08-04T19:10:49Z logger.go:66:     }
TestTerraformCompleteExample 2022-08-04T19:10:49Z logger.go:66:
TestTerraformCompleteExample 2022-08-04T19:10:49Z logger.go:66:   # module.confluent_platform.kubernetes_manifest.components["schemaregistry"] will be destroyed
TestTerraformCompleteExample 2022-08-04T19:10:49Z logger.go:66:   - resource "kubernetes_manifest" "components" {
TestTerraformCompleteExample 2022-08-04T19:10:49Z logger.go:66:       - computed_fields = [
TestTerraformCompleteExample 2022-08-04T19:10:49Z logger.go:66:           - "metadata.finalizers",
TestTerraformCompleteExample 2022-08-04T19:10:49Z logger.go:66:         ] -> null
TestTerraformCompleteExample 2022-08-04T19:10:49Z logger.go:66:       - manifest        = {
TestTerraformCompleteExample 2022-08-04T19:10:49Z logger.go:66:           - apiVersion = "platform.confluent.io/v1beta1"
TestTerraformCompleteExample 2022-08-04T19:10:49Z logger.go:66:           - kind       = "SchemaRegistry"
TestTerraformCompleteExample 2022-08-04T19:10:49Z logger.go:66:           - metadata   = {
TestTerraformCompleteExample 2022-08-04T19:10:49Z logger.go:66:               - name      = "schemaregistry"
TestTerraformCompleteExample 2022-08-04T19:10:49Z logger.go:66:               - namespace = "confluent"
TestTerraformCompleteExample 2022-08-04T19:10:49Z logger.go:66:             }
TestTerraformCompleteExample 2022-08-04T19:10:49Z logger.go:66:           - spec       = {
TestTerraformCompleteExample 2022-08-04T19:10:49Z logger.go:66:               - image    = {
TestTerraformCompleteExample 2022-08-04T19:10:49Z logger.go:66:                   - application = "confluentinc/cp-schema-registry:7.2.0"
TestTerraformCompleteExample 2022-08-04T19:10:49Z logger.go:66:                   - init        = "confluentinc/confluent-init-container:2.4.0"
TestTerraformCompleteExample 2022-08-04T19:10:49Z logger.go:66:                 }
TestTerraformCompleteExample 2022-08-04T19:10:49Z logger.go:66:               - replicas = 3
TestTerraformCompleteExample 2022-08-04T19:10:49Z logger.go:66:             }
TestTerraformCompleteExample 2022-08-04T19:10:49Z logger.go:66:         } -> null
TestTerraformCompleteExample 2022-08-04T19:10:49Z logger.go:66:       - object          = {
TestTerraformCompleteExample 2022-08-04T19:10:49Z logger.go:66:           - apiVersion = "platform.confluent.io/v1beta1"
TestTerraformCompleteExample 2022-08-04T19:10:49Z logger.go:66:           - kind       = "SchemaRegistry"
TestTerraformCompleteExample 2022-08-04T19:10:49Z logger.go:66:           - metadata   = {
TestTerraformCompleteExample 2022-08-04T19:10:49Z logger.go:66:               - annotations                = null
TestTerraformCompleteExample 2022-08-04T19:10:49Z logger.go:66:               - clusterName                = null
TestTerraformCompleteExample 2022-08-04T19:10:49Z logger.go:66:               - creationTimestamp          = null
TestTerraformCompleteExample 2022-08-04T19:10:49Z logger.go:66:               - deletionGracePeriodSeconds = null
TestTerraformCompleteExample 2022-08-04T19:10:49Z logger.go:66:               - deletionTimestamp          = null
TestTerraformCompleteExample 2022-08-04T19:10:49Z logger.go:66:               - finalizers                 = [
TestTerraformCompleteExample 2022-08-04T19:10:49Z logger.go:66:                   - "schemaregistry.finalizers.platform.confluent.io",
TestTerraformCompleteExample 2022-08-04T19:10:49Z logger.go:66:                 ]
TestTerraformCompleteExample 2022-08-04T19:10:49Z logger.go:66:               - generateName               = null
TestTerraformCompleteExample 2022-08-04T19:10:49Z logger.go:66:               - generation                 = null
TestTerraformCompleteExample 2022-08-04T19:10:49Z logger.go:66:               - labels                     = null
TestTerraformCompleteExample 2022-08-04T19:10:49Z logger.go:66:               - managedFields              = null
TestTerraformCompleteExample 2022-08-04T19:10:49Z logger.go:66:               - name                       = "schemaregistry"
TestTerraformCompleteExample 2022-08-04T19:10:49Z logger.go:66:               - namespace                  = "confluent"
TestTerraformCompleteExample 2022-08-04T19:10:49Z logger.go:66:               - ownerReferences            = null
TestTerraformCompleteExample 2022-08-04T19:10:49Z logger.go:66:               - resourceVersion            = null
TestTerraformCompleteExample 2022-08-04T19:10:49Z logger.go:66:               - selfLink                   = null
TestTerraformCompleteExample 2022-08-04T19:10:49Z logger.go:66:               - uid                        = null
TestTerraformCompleteExample 2022-08-04T19:10:49Z logger.go:66:             }
TestTerraformCompleteExample 2022-08-04T19:10:49Z logger.go:66:           - spec       = {
TestTerraformCompleteExample 2022-08-04T19:10:49Z logger.go:66:               - authentication                = {
TestTerraformCompleteExample 2022-08-04T19:10:49Z logger.go:66:                   - basic = {
TestTerraformCompleteExample 2022-08-04T19:10:49Z logger.go:66:                       - debug                    = null
TestTerraformCompleteExample 2022-08-04T19:10:49Z logger.go:66:                       - directoryPathInContainer = null
TestTerraformCompleteExample 2022-08-04T19:10:49Z logger.go:66:                       - restrictedRoles          = null
TestTerraformCompleteExample 2022-08-04T19:10:49Z logger.go:66:                       - roles                    = null
TestTerraformCompleteExample 2022-08-04T19:10:49Z logger.go:66:                       - secretRef                = null
TestTerraformCompleteExample 2022-08-04T19:10:49Z logger.go:66:                     }
TestTerraformCompleteExample 2022-08-04T19:10:49Z logger.go:66:                   - type  = null
TestTerraformCompleteExample 2022-08-04T19:10:49Z logger.go:66:                 }
TestTerraformCompleteExample 2022-08-04T19:10:49Z logger.go:66:               - authorization                 = {
TestTerraformCompleteExample 2022-08-04T19:10:49Z logger.go:66:                   - kafkaRestClassRef = {
TestTerraformCompleteExample 2022-08-04T19:10:49Z logger.go:66:                       - name      = null
TestTerraformCompleteExample 2022-08-04T19:10:49Z logger.go:66:                       - namespace = null
TestTerraformCompleteExample 2022-08-04T19:10:49Z logger.go:66:                     }
TestTerraformCompleteExample 2022-08-04T19:10:49Z logger.go:66:                   - type              = null
TestTerraformCompleteExample 2022-08-04T19:10:49Z logger.go:66:                 }
TestTerraformCompleteExample 2022-08-04T19:10:49Z logger.go:66:               - configOverrides               = {
TestTerraformCompleteExample 2022-08-04T19:10:49Z logger.go:66:                   - jvm    = null
TestTerraformCompleteExample 2022-08-04T19:10:49Z logger.go:66:                   - log4j  = null
TestTerraformCompleteExample 2022-08-04T19:10:49Z logger.go:66:                   - server = null
TestTerraformCompleteExample 2022-08-04T19:10:49Z logger.go:66:                 }
TestTerraformCompleteExample 2022-08-04T19:10:49Z logger.go:66:               - dependencies                  = {
TestTerraformCompleteExample 2022-08-04T19:10:49Z logger.go:66:                   - kafka = {
TestTerraformCompleteExample 2022-08-04T19:10:49Z logger.go:66:                       - authentication    = {
TestTerraformCompleteExample 2022-08-04T19:10:49Z logger.go:66:                           - jaasConfig            = {
TestTerraformCompleteExample 2022-08-04T19:10:49Z logger.go:66:                               - secretRef = null
TestTerraformCompleteExample 2022-08-04T19:10:49Z logger.go:66:                             }
TestTerraformCompleteExample 2022-08-04T19:10:49Z logger.go:66:                           - jaasConfigPassThrough = {
TestTerraformCompleteExample 2022-08-04T19:10:49Z logger.go:66:                               - directoryPathInContainer = null
TestTerraformCompleteExample 2022-08-04T19:10:49Z logger.go:66:                               - secretRef                = null
TestTerraformCompleteExample 2022-08-04T19:10:49Z logger.go:66:                             }
TestTerraformCompleteExample 2022-08-04T19:10:49Z logger.go:66:                           - oauthbearer           = {
TestTerraformCompleteExample 2022-08-04T19:10:49Z logger.go:66:                               - directoryPathInContainer = null
TestTerraformCompleteExample 2022-08-04T19:10:49Z logger.go:66:                               - secretRef                = null
TestTerraformCompleteExample 2022-08-04T19:10:49Z logger.go:66:                             }
TestTerraformCompleteExample 2022-08-04T19:10:49Z logger.go:66:                           - type                  = null
TestTerraformCompleteExample 2022-08-04T19:10:49Z logger.go:66:                         }
TestTerraformCompleteExample 2022-08-04T19:10:49Z logger.go:66:                       - bootstrapEndpoint = null
TestTerraformCompleteExample 2022-08-04T19:10:49Z logger.go:66:                       - discovery         = {
TestTerraformCompleteExample 2022-08-04T19:10:49Z logger.go:66:                           - name      = null
TestTerraformCompleteExample 2022-08-04T19:10:49Z logger.go:66:                           - namespace = null
TestTerraformCompleteExample 2022-08-04T19:10:49Z logger.go:66:                           - secretRef = null
TestTerraformCompleteExample 2022-08-04T19:10:49Z logger.go:66:                         }
TestTerraformCompleteExample 2022-08-04T19:10:49Z logger.go:66:                       - tls               = {
TestTerraformCompleteExample 2022-08-04T19:10:49Z logger.go:66:                           - directoryPathInContainer = null
TestTerraformCompleteExample 2022-08-04T19:10:49Z logger.go:66:                           - enabled                  = null
TestTerraformCompleteExample 2022-08-04T19:10:49Z logger.go:66:                           - ignoreTrustStoreConfig   = null
TestTerraformCompleteExample 2022-08-04T19:10:49Z logger.go:66:                           - jksPassword              = {
TestTerraformCompleteExample 2022-08-04T19:10:49Z logger.go:66:                               - secretRef = null
TestTerraformCompleteExample 2022-08-04T19:10:49Z logger.go:66:                             }
TestTerraformCompleteExample 2022-08-04T19:10:49Z logger.go:66:                           - secretRef                = null
TestTerraformCompleteExample 2022-08-04T19:10:49Z logger.go:66:                         }
TestTerraformCompleteExample 2022-08-04T19:10:49Z logger.go:66:                     }
TestTerraformCompleteExample 2022-08-04T19:10:49Z logger.go:66:                   - mds   = {
TestTerraformCompleteExample 2022-08-04T19:10:49Z logger.go:66:                       - authentication = {
TestTerraformCompleteExample 2022-08-04T19:10:49Z logger.go:66:                           - bearer = {
TestTerraformCompleteExample 2022-08-04T19:10:49Z logger.go:66:                               - directoryPathInContainer = null
TestTerraformCompleteExample 2022-08-04T19:10:49Z logger.go:66:                               - secretRef                = null
TestTerraformCompleteExample 2022-08-04T19:10:49Z logger.go:66:                             }
TestTerraformCompleteExample 2022-08-04T19:10:49Z logger.go:66:                           - type   = null
TestTerraformCompleteExample 2022-08-04T19:10:49Z logger.go:66:                         }
TestTerraformCompleteExample 2022-08-04T19:10:49Z logger.go:66:                       - endpoint       = null
TestTerraformCompleteExample 2022-08-04T19:10:49Z logger.go:66:                       - tls            = {
TestTerraformCompleteExample 2022-08-04T19:10:49Z logger.go:66:                           - directoryPathInContainer = null
TestTerraformCompleteExample 2022-08-04T19:10:49Z logger.go:66:                           - enabled                  = null
TestTerraformCompleteExample 2022-08-04T19:10:49Z logger.go:66:                           - ignoreTrustStoreConfig   = null
TestTerraformCompleteExample 2022-08-04T19:10:49Z logger.go:66:                           - jksPassword              = {
TestTerraformCompleteExample 2022-08-04T19:10:49Z logger.go:66:                               - secretRef = null
TestTerraformCompleteExample 2022-08-04T19:10:49Z logger.go:66:                             }
TestTerraformCompleteExample 2022-08-04T19:10:49Z logger.go:66:                           - secretRef                = null
TestTerraformCompleteExample 2022-08-04T19:10:49Z logger.go:66:                         }
TestTerraformCompleteExample 2022-08-04T19:10:49Z logger.go:66:                       - tokenKeyPair   = {
TestTerraformCompleteExample 2022-08-04T19:10:49Z logger.go:66:                           - directoryPathInContainer = null
TestTerraformCompleteExample 2022-08-04T19:10:49Z logger.go:66:                           - secretRef                = null
TestTerraformCompleteExample 2022-08-04T19:10:49Z logger.go:66:                         }
TestTerraformCompleteExample 2022-08-04T19:10:49Z logger.go:66:                     }
TestTerraformCompleteExample 2022-08-04T19:10:49Z logger.go:66:                 }
TestTerraformCompleteExample 2022-08-04T19:10:49Z logger.go:66:               - enableSchemaExporter          = null
TestTerraformCompleteExample 2022-08-04T19:10:49Z logger.go:66:               - externalAccess                = {
TestTerraformCompleteExample 2022-08-04T19:10:49Z logger.go:66:                   - loadBalancer = {
TestTerraformCompleteExample 2022-08-04T19:10:49Z logger.go:66:                       - advertisedURL            = {
TestTerraformCompleteExample 2022-08-04T19:10:49Z logger.go:66:                           - enabled = null
TestTerraformCompleteExample 2022-08-04T19:10:49Z logger.go:66:                           - prefix  = null
TestTerraformCompleteExample 2022-08-04T19:10:49Z logger.go:66:                         }
TestTerraformCompleteExample 2022-08-04T19:10:49Z logger.go:66:                       - annotations              = null
TestTerraformCompleteExample 2022-08-04T19:10:49Z logger.go:66:                       - domain                   = null
TestTerraformCompleteExample 2022-08-04T19:10:49Z logger.go:66:                       - externalTrafficPolicy    = null
TestTerraformCompleteExample 2022-08-04T19:10:49Z logger.go:66:                       - labels                   = null
TestTerraformCompleteExample 2022-08-04T19:10:49Z logger.go:66:                       - loadBalancerSourceRanges = null
TestTerraformCompleteExample 2022-08-04T19:10:49Z logger.go:66:                       - port                     = null
TestTerraformCompleteExample 2022-08-04T19:10:49Z logger.go:66:                       - prefix                   = null
TestTerraformCompleteExample 2022-08-04T19:10:49Z logger.go:66:                       - servicePorts             = null
TestTerraformCompleteExample 2022-08-04T19:10:49Z logger.go:66:                       - sessionAffinity          = null
TestTerraformCompleteExample 2022-08-04T19:10:49Z logger.go:66:                       - sessionAffinityConfig    = {
TestTerraformCompleteExample 2022-08-04T19:10:49Z logger.go:66:                           - clientIP = {
TestTerraformCompleteExample 2022-08-04T19:10:49Z logger.go:66:                               - timeoutSeconds = null
TestTerraformCompleteExample 2022-08-04T19:10:49Z logger.go:66:                             }
TestTerraformCompleteExample 2022-08-04T19:10:49Z logger.go:66:                         }
TestTerraformCompleteExample 2022-08-04T19:10:49Z logger.go:66:                     }
TestTerraformCompleteExample 2022-08-04T19:10:49Z logger.go:66:                   - nodePort     = {
TestTerraformCompleteExample 2022-08-04T19:10:49Z logger.go:66:                       - advertisedURL         = {
TestTerraformCompleteExample 2022-08-04T19:10:49Z logger.go:66:                           - enabled = null
TestTerraformCompleteExample 2022-08-04T19:10:49Z logger.go:66:                           - prefix  = null
TestTerraformCompleteExample 2022-08-04T19:10:49Z logger.go:66:                         }
TestTerraformCompleteExample 2022-08-04T19:10:49Z logger.go:66:                       - annotations           = null
TestTerraformCompleteExample 2022-08-04T19:10:49Z logger.go:66:                       - externalTrafficPolicy = null
TestTerraformCompleteExample 2022-08-04T19:10:49Z logger.go:66:                       - host                  = null
TestTerraformCompleteExample 2022-08-04T19:10:49Z logger.go:66:                       - labels                = null
TestTerraformCompleteExample 2022-08-04T19:10:49Z logger.go:66:                       - nodePortOffset        = null
TestTerraformCompleteExample 2022-08-04T19:10:49Z logger.go:66:                       - servicePorts          = null
TestTerraformCompleteExample 2022-08-04T19:10:49Z logger.go:66:                       - sessionAffinity       = null
TestTerraformCompleteExample 2022-08-04T19:10:49Z logger.go:66:                       - sessionAffinityConfig = {
TestTerraformCompleteExample 2022-08-04T19:10:49Z logger.go:66:                           - clientIP = {
TestTerraformCompleteExample 2022-08-04T19:10:49Z logger.go:66:                               - timeoutSeconds = null
TestTerraformCompleteExample 2022-08-04T19:10:49Z logger.go:66:                             }
TestTerraformCompleteExample 2022-08-04T19:10:49Z logger.go:66:                         }
TestTerraformCompleteExample 2022-08-04T19:10:49Z logger.go:66:                     }
TestTerraformCompleteExample 2022-08-04T19:10:49Z logger.go:66:                   - route        = {
TestTerraformCompleteExample 2022-08-04T19:10:49Z logger.go:66:                       - annotations    = null
TestTerraformCompleteExample 2022-08-04T19:10:49Z logger.go:66:                       - domain         = null
TestTerraformCompleteExample 2022-08-04T19:10:49Z logger.go:66:                       - labels         = null
TestTerraformCompleteExample 2022-08-04T19:10:49Z logger.go:66:                       - prefix         = null
TestTerraformCompleteExample 2022-08-04T19:10:49Z logger.go:66:                       - wildcardPolicy = null
TestTerraformCompleteExample 2022-08-04T19:10:49Z logger.go:66:                     }
TestTerraformCompleteExample 2022-08-04T19:10:49Z logger.go:66:                   - type         = null
TestTerraformCompleteExample 2022-08-04T19:10:49Z logger.go:66:                 }
TestTerraformCompleteExample 2022-08-04T19:10:49Z logger.go:66:               - headlessService               = {
TestTerraformCompleteExample 2022-08-04T19:10:49Z logger.go:66:                   - annotations              = null
TestTerraformCompleteExample 2022-08-04T19:10:49Z logger.go:66:                   - labels                   = null
TestTerraformCompleteExample 2022-08-04T19:10:49Z logger.go:66:                   - publishNotReadyAddresses = null
TestTerraformCompleteExample 2022-08-04T19:10:49Z logger.go:66:                 }
TestTerraformCompleteExample 2022-08-04T19:10:49Z logger.go:66:               - image                         = {
TestTerraformCompleteExample 2022-08-04T19:10:49Z logger.go:66:                   - application   = "confluentinc/cp-schema-registry:7.2.0"
TestTerraformCompleteExample 2022-08-04T19:10:49Z logger.go:66:                   - init          = "confluentinc/confluent-init-container:2.4.0"
TestTerraformCompleteExample 2022-08-04T19:10:49Z logger.go:66:                   - pullPolicy    = null
TestTerraformCompleteExample 2022-08-04T19:10:49Z logger.go:66:                   - pullSecretRef = null
TestTerraformCompleteExample 2022-08-04T19:10:49Z logger.go:66:                 }
TestTerraformCompleteExample 2022-08-04T19:10:49Z logger.go:66:               - injectAnnotations             = null
TestTerraformCompleteExample 2022-08-04T19:10:49Z logger.go:66:               - injectLabels                  = null
TestTerraformCompleteExample 2022-08-04T19:10:49Z logger.go:66:               - internalTopicReplicatorFactor = null
TestTerraformCompleteExample 2022-08-04T19:10:49Z logger.go:66:               - k8sClusterDomain              = null
TestTerraformCompleteExample 2022-08-04T19:10:49Z logger.go:66:               - license                       = {
TestTerraformCompleteExample 2022-08-04T19:10:49Z logger.go:66:                   - directoryPathInContainer = null
TestTerraformCompleteExample 2022-08-04T19:10:49Z logger.go:66:                   - globalLicense            = null
TestTerraformCompleteExample 2022-08-04T19:10:49Z logger.go:66:                   - secretRef                = null
TestTerraformCompleteExample 2022-08-04T19:10:49Z logger.go:66:                 }
TestTerraformCompleteExample 2022-08-04T19:10:49Z logger.go:66:               - metrics                       = {
TestTerraformCompleteExample 2022-08-04T19:10:49Z logger.go:66:                   - authentication = {
TestTerraformCompleteExample 2022-08-04T19:10:49Z logger.go:66:                       - type = null
TestTerraformCompleteExample 2022-08-04T19:10:49Z logger.go:66:                     }
TestTerraformCompleteExample 2022-08-04T19:10:49Z logger.go:66:                   - prometheus     = {
TestTerraformCompleteExample 2022-08-04T19:10:49Z logger.go:66:                       - blacklist = null
TestTerraformCompleteExample 2022-08-04T19:10:49Z logger.go:66:                       - rules     = null
TestTerraformCompleteExample 2022-08-04T19:10:49Z logger.go:66:                       - whitelist = null
TestTerraformCompleteExample 2022-08-04T19:10:49Z logger.go:66:                     }
TestTerraformCompleteExample 2022-08-04T19:10:49Z logger.go:66:                   - tls            = {
TestTerraformCompleteExample 2022-08-04T19:10:49Z logger.go:66:                       - directoryPathInContainer = null
TestTerraformCompleteExample 2022-08-04T19:10:49Z logger.go:66:                       - enabled                  = null
TestTerraformCompleteExample 2022-08-04T19:10:49Z logger.go:66:                       - ignoreTrustStoreConfig   = null
TestTerraformCompleteExample 2022-08-04T19:10:49Z logger.go:66:                       - jksPassword              = {
TestTerraformCompleteExample 2022-08-04T19:10:49Z logger.go:66:                           - secretRef = null
TestTerraformCompleteExample 2022-08-04T19:10:49Z logger.go:66:                         }
TestTerraformCompleteExample 2022-08-04T19:10:49Z logger.go:66:                       - secretRef                = null
TestTerraformCompleteExample 2022-08-04T19:10:49Z logger.go:66:                     }
TestTerraformCompleteExample 2022-08-04T19:10:49Z logger.go:66:                 }
TestTerraformCompleteExample 2022-08-04T19:10:49Z logger.go:66:               - mountedSecrets                = null
TestTerraformCompleteExample 2022-08-04T19:10:49Z logger.go:66:               - mountedVolumes                = {
TestTerraformCompleteExample 2022-08-04T19:10:49Z logger.go:66:                   - volumeMounts = null
TestTerraformCompleteExample 2022-08-04T19:10:49Z logger.go:66:                   - volumes      = null
TestTerraformCompleteExample 2022-08-04T19:10:49Z logger.go:66:                 }
TestTerraformCompleteExample 2022-08-04T19:10:49Z logger.go:66:               - oneReplicaPerNode             = null
TestTerraformCompleteExample 2022-08-04T19:10:49Z logger.go:66:               - passwordEncoder               = {
TestTerraformCompleteExample 2022-08-04T19:10:49Z logger.go:66:                   - directoryPathInContainer = null
TestTerraformCompleteExample 2022-08-04T19:10:49Z logger.go:66:                   - secretRef                = null
TestTerraformCompleteExample 2022-08-04T19:10:49Z logger.go:66:                 }
TestTerraformCompleteExample 2022-08-04T19:10:49Z logger.go:66:               - podTemplate                   = {
TestTerraformCompleteExample 2022-08-04T19:10:49Z logger.go:66:                   - affinity                      = {
TestTerraformCompleteExample 2022-08-04T19:10:49Z logger.go:66:                       - nodeAffinity    = {
TestTerraformCompleteExample 2022-08-04T19:10:49Z logger.go:66:                           - preferredDuringSchedulingIgnoredDuringExecution = null
TestTerraformCompleteExample 2022-08-04T19:10:49Z logger.go:66:                           - requiredDuringSchedulingIgnoredDuringExecution  = {
TestTerraformCompleteExample 2022-08-04T19:10:49Z logger.go:66:                               - nodeSelectorTerms = null
TestTerraformCompleteExample 2022-08-04T19:10:49Z logger.go:66:                             }
TestTerraformCompleteExample 2022-08-04T19:10:49Z logger.go:66:                         }
TestTerraformCompleteExample 2022-08-04T19:10:49Z logger.go:66:                       - podAffinity     = {
TestTerraformCompleteExample 2022-08-04T19:10:49Z logger.go:66:                           - preferredDuringSchedulingIgnoredDuringExecution = null
TestTerraformCompleteExample 2022-08-04T19:10:49Z logger.go:66:                           - requiredDuringSchedulingIgnoredDuringExecution  = null
TestTerraformCompleteExample 2022-08-04T19:10:49Z logger.go:66:                         }
TestTerraformCompleteExample 2022-08-04T19:10:49Z logger.go:66:                       - podAntiAffinity = {
TestTerraformCompleteExample 2022-08-04T19:10:49Z logger.go:66:                           - preferredDuringSchedulingIgnoredDuringExecution = null
TestTerraformCompleteExample 2022-08-04T19:10:49Z logger.go:66:                           - requiredDuringSchedulingIgnoredDuringExecution  = null
TestTerraformCompleteExample 2022-08-04T19:10:49Z logger.go:66:                         }
TestTerraformCompleteExample 2022-08-04T19:10:49Z logger.go:66:                     }
TestTerraformCompleteExample 2022-08-04T19:10:49Z logger.go:66:                   - annotations                   = null
TestTerraformCompleteExample 2022-08-04T19:10:49Z logger.go:66:                   - envVars                       = null
TestTerraformCompleteExample 2022-08-04T19:10:49Z logger.go:66:                   - labels                        = null
TestTerraformCompleteExample 2022-08-04T19:10:49Z logger.go:66:                   - podSecurityContext            = {
TestTerraformCompleteExample 2022-08-04T19:10:49Z logger.go:66:                       - fsGroup             = null
TestTerraformCompleteExample 2022-08-04T19:10:49Z logger.go:66:                       - fsGroupChangePolicy = null
TestTerraformCompleteExample 2022-08-04T19:10:49Z logger.go:66:                       - runAsGroup          = null
TestTerraformCompleteExample 2022-08-04T19:10:49Z logger.go:66:                       - runAsNonRoot        = null
TestTerraformCompleteExample 2022-08-04T19:10:49Z logger.go:66:                       - runAsUser           = null
TestTerraformCompleteExample 2022-08-04T19:10:49Z logger.go:66:                       - seLinuxOptions      = {
TestTerraformCompleteExample 2022-08-04T19:10:49Z logger.go:66:                           - level = null
TestTerraformCompleteExample 2022-08-04T19:10:49Z logger.go:66:                           - role  = null
TestTerraformCompleteExample 2022-08-04T19:10:49Z logger.go:66:                           - type  = null
TestTerraformCompleteExample 2022-08-04T19:10:49Z logger.go:66:                           - user  = null
TestTerraformCompleteExample 2022-08-04T19:10:49Z logger.go:66:                         }
TestTerraformCompleteExample 2022-08-04T19:10:49Z logger.go:66:                       - seccompProfile      = {
TestTerraformCompleteExample 2022-08-04T19:10:49Z logger.go:66:                           - localhostProfile = null
TestTerraformCompleteExample 2022-08-04T19:10:49Z logger.go:66:                           - type             = null
TestTerraformCompleteExample 2022-08-04T19:10:49Z logger.go:66:                         }
TestTerraformCompleteExample 2022-08-04T19:10:49Z logger.go:66:                       - supplementalGroups  = null
TestTerraformCompleteExample 2022-08-04T19:10:49Z logger.go:66:                       - sysctls             = null
TestTerraformCompleteExample 2022-08-04T19:10:49Z logger.go:66:                       - windowsOptions      = {
TestTerraformCompleteExample 2022-08-04T19:10:49Z logger.go:66:                           - gmsaCredentialSpec     = null
TestTerraformCompleteExample 2022-08-04T19:10:49Z logger.go:66:                           - gmsaCredentialSpecName = null
TestTerraformCompleteExample 2022-08-04T19:10:49Z logger.go:66:                           - hostProcess            = null
TestTerraformCompleteExample 2022-08-04T19:10:49Z logger.go:66:                           - runAsUserName          = null
TestTerraformCompleteExample 2022-08-04T19:10:49Z logger.go:66:                         }
TestTerraformCompleteExample 2022-08-04T19:10:49Z logger.go:66:                     }
TestTerraformCompleteExample 2022-08-04T19:10:49Z logger.go:66:                   - priorityClassName             = null
TestTerraformCompleteExample 2022-08-04T19:10:49Z logger.go:66:                   - probe                         = {
TestTerraformCompleteExample 2022-08-04T19:10:49Z logger.go:66:                       - liveness  = {
TestTerraformCompleteExample 2022-08-04T19:10:49Z logger.go:66:                           - failureThreshold    = null
TestTerraformCompleteExample 2022-08-04T19:10:49Z logger.go:66:                           - initialDelaySeconds = null
TestTerraformCompleteExample 2022-08-04T19:10:49Z logger.go:66:                           - periodSeconds       = null
TestTerraformCompleteExample 2022-08-04T19:10:49Z logger.go:66:                           - successThreshold    = null
TestTerraformCompleteExample 2022-08-04T19:10:49Z logger.go:66:                           - timeoutSeconds      = null
TestTerraformCompleteExample 2022-08-04T19:10:49Z logger.go:66:                         }
TestTerraformCompleteExample 2022-08-04T19:10:49Z logger.go:66:                       - readiness = {
TestTerraformCompleteExample 2022-08-04T19:10:49Z logger.go:66:                           - failureThreshold    = null
TestTerraformCompleteExample 2022-08-04T19:10:49Z logger.go:66:                           - initialDelaySeconds = null
TestTerraformCompleteExample 2022-08-04T19:10:49Z logger.go:66:                           - periodSeconds       = null
TestTerraformCompleteExample 2022-08-04T19:10:49Z logger.go:66:                           - successThreshold    = null
TestTerraformCompleteExample 2022-08-04T19:10:49Z logger.go:66:                           - timeoutSeconds      = null
TestTerraformCompleteExample 2022-08-04T19:10:49Z logger.go:66:                         }
TestTerraformCompleteExample 2022-08-04T19:10:49Z logger.go:66:                     }
TestTerraformCompleteExample 2022-08-04T19:10:49Z logger.go:66:                   - resources                     = {
TestTerraformCompleteExample 2022-08-04T19:10:49Z logger.go:66:                       - limits   = null
TestTerraformCompleteExample 2022-08-04T19:10:49Z logger.go:66:                       - requests = null
TestTerraformCompleteExample 2022-08-04T19:10:49Z logger.go:66:                     }
TestTerraformCompleteExample 2022-08-04T19:10:49Z logger.go:66:                   - securityContext               = {
TestTerraformCompleteExample 2022-08-04T19:10:49Z logger.go:66:                       - allowPrivilegeEscalation = null
TestTerraformCompleteExample 2022-08-04T19:10:49Z logger.go:66:                       - capabilities             = {
TestTerraformCompleteExample 2022-08-04T19:10:49Z logger.go:66:                           - add  = null
TestTerraformCompleteExample 2022-08-04T19:10:49Z logger.go:66:                           - drop = null
TestTerraformCompleteExample 2022-08-04T19:10:49Z logger.go:66:                         }
TestTerraformCompleteExample 2022-08-04T19:10:49Z logger.go:66:                       - privileged               = null
TestTerraformCompleteExample 2022-08-04T19:10:49Z logger.go:66:                       - procMount                = null
TestTerraformCompleteExample 2022-08-04T19:10:49Z logger.go:66:                       - readOnlyRootFilesystem   = null
TestTerraformCompleteExample 2022-08-04T19:10:49Z logger.go:66:                       - runAsGroup               = null
TestTerraformCompleteExample 2022-08-04T19:10:49Z logger.go:66:                       - runAsNonRoot             = null
TestTerraformCompleteExample 2022-08-04T19:10:49Z logger.go:66:                       - runAsUser                = null
TestTerraformCompleteExample 2022-08-04T19:10:49Z logger.go:66:                       - seLinuxOptions           = {
TestTerraformCompleteExample 2022-08-04T19:10:49Z logger.go:66:                           - level = null
TestTerraformCompleteExample 2022-08-04T19:10:49Z logger.go:66:                           - role  = null
TestTerraformCompleteExample 2022-08-04T19:10:49Z logger.go:66:                           - type  = null
TestTerraformCompleteExample 2022-08-04T19:10:49Z logger.go:66:                           - user  = null
TestTerraformCompleteExample 2022-08-04T19:10:49Z logger.go:66:                         }
TestTerraformCompleteExample 2022-08-04T19:10:49Z logger.go:66:                       - seccompProfile           = {
TestTerraformCompleteExample 2022-08-04T19:10:49Z logger.go:66:                           - localhostProfile = null
TestTerraformCompleteExample 2022-08-04T19:10:49Z logger.go:66:                           - type             = null
TestTerraformCompleteExample 2022-08-04T19:10:49Z logger.go:66:                         }
TestTerraformCompleteExample 2022-08-04T19:10:49Z logger.go:66:                       - windowsOptions           = {
TestTerraformCompleteExample 2022-08-04T19:10:49Z logger.go:66:                           - gmsaCredentialSpec     = null
TestTerraformCompleteExample 2022-08-04T19:10:49Z logger.go:66:                           - gmsaCredentialSpecName = null
TestTerraformCompleteExample 2022-08-04T19:10:49Z logger.go:66:                           - hostProcess            = null
TestTerraformCompleteExample 2022-08-04T19:10:49Z logger.go:66:                           - runAsUserName          = null
TestTerraformCompleteExample 2022-08-04T19:10:49Z logger.go:66:                         }
TestTerraformCompleteExample 2022-08-04T19:10:49Z logger.go:66:                     }
TestTerraformCompleteExample 2022-08-04T19:10:49Z logger.go:66:                   - serviceAccountName            = null
TestTerraformCompleteExample 2022-08-04T19:10:49Z logger.go:66:                   - terminationGracePeriodSeconds = null
TestTerraformCompleteExample 2022-08-04T19:10:49Z logger.go:66:                   - tolerations                   = null
TestTerraformCompleteExample 2022-08-04T19:10:49Z logger.go:66:                   - topologySpreadConstraints     = null
TestTerraformCompleteExample 2022-08-04T19:10:49Z logger.go:66:                 }
TestTerraformCompleteExample 2022-08-04T19:10:49Z logger.go:66:               - replicas                      = 3
TestTerraformCompleteExample 2022-08-04T19:10:49Z logger.go:66:               - telemetry                     = {
TestTerraformCompleteExample 2022-08-04T19:10:49Z logger.go:66:                   - global = null
TestTerraformCompleteExample 2022-08-04T19:10:49Z logger.go:66:                 }
TestTerraformCompleteExample 2022-08-04T19:10:49Z logger.go:66:               - tls                           = {
TestTerraformCompleteExample 2022-08-04T19:10:49Z logger.go:66:                   - autoGeneratedCerts       = null
TestTerraformCompleteExample 2022-08-04T19:10:49Z logger.go:66:                   - directoryPathInContainer = null
TestTerraformCompleteExample 2022-08-04T19:10:49Z logger.go:66:                   - ignoreTrustStoreConfig   = null
TestTerraformCompleteExample 2022-08-04T19:10:49Z logger.go:66:                   - jksPassword              = {
TestTerraformCompleteExample 2022-08-04T19:10:49Z logger.go:66:                       - secretRef = null
TestTerraformCompleteExample 2022-08-04T19:10:49Z logger.go:66:                     }
TestTerraformCompleteExample 2022-08-04T19:10:49Z logger.go:66:                   - secretRef                = null
TestTerraformCompleteExample 2022-08-04T19:10:49Z logger.go:66:                 }
TestTerraformCompleteExample 2022-08-04T19:10:49Z logger.go:66:             }
TestTerraformCompleteExample 2022-08-04T19:10:49Z logger.go:66:         } -> null
TestTerraformCompleteExample 2022-08-04T19:10:49Z logger.go:66:
TestTerraformCompleteExample 2022-08-04T19:10:49Z logger.go:66:       - timeouts {
TestTerraformCompleteExample 2022-08-04T19:10:49Z logger.go:66:           - create = "1h" -> null
TestTerraformCompleteExample 2022-08-04T19:10:49Z logger.go:66:           - delete = "10m" -> null
TestTerraformCompleteExample 2022-08-04T19:10:49Z logger.go:66:           - update = "1h" -> null
TestTerraformCompleteExample 2022-08-04T19:10:49Z logger.go:66:         }
TestTerraformCompleteExample 2022-08-04T19:10:49Z logger.go:66:
TestTerraformCompleteExample 2022-08-04T19:10:49Z logger.go:66:       - wait {
TestTerraformCompleteExample 2022-08-04T19:10:49Z logger.go:66:           - fields = {
TestTerraformCompleteExample 2022-08-04T19:10:49Z logger.go:66:               - "status.phase" = "RUNNING"
TestTerraformCompleteExample 2022-08-04T19:10:49Z logger.go:66:             } -> null
TestTerraformCompleteExample 2022-08-04T19:10:49Z logger.go:66:         }
TestTerraformCompleteExample 2022-08-04T19:10:49Z logger.go:66:     }
TestTerraformCompleteExample 2022-08-04T19:10:49Z logger.go:66:
TestTerraformCompleteExample 2022-08-04T19:10:49Z logger.go:66:   # module.confluent_platform.kubernetes_manifest.components["zookeeper"] will be destroyed
TestTerraformCompleteExample 2022-08-04T19:10:49Z logger.go:66:   - resource "kubernetes_manifest" "components" {
TestTerraformCompleteExample 2022-08-04T19:10:49Z logger.go:66:       - computed_fields = [
TestTerraformCompleteExample 2022-08-04T19:10:49Z logger.go:66:           - "metadata.finalizers",
TestTerraformCompleteExample 2022-08-04T19:10:49Z logger.go:66:         ] -> null
TestTerraformCompleteExample 2022-08-04T19:10:49Z logger.go:66:       - manifest        = {
TestTerraformCompleteExample 2022-08-04T19:10:49Z logger.go:66:           - apiVersion = "platform.confluent.io/v1beta1"
TestTerraformCompleteExample 2022-08-04T19:10:49Z logger.go:66:           - kind       = "Zookeeper"
TestTerraformCompleteExample 2022-08-04T19:10:49Z logger.go:66:           - metadata   = {
TestTerraformCompleteExample 2022-08-04T19:10:49Z logger.go:66:               - name      = "zookeeper"
TestTerraformCompleteExample 2022-08-04T19:10:49Z logger.go:66:               - namespace = "confluent"
TestTerraformCompleteExample 2022-08-04T19:10:49Z logger.go:66:             }
TestTerraformCompleteExample 2022-08-04T19:10:49Z logger.go:66:           - spec       = {
TestTerraformCompleteExample 2022-08-04T19:10:49Z logger.go:66:               - dataVolumeCapacity = "10Gi"
TestTerraformCompleteExample 2022-08-04T19:10:49Z logger.go:66:               - image              = {
TestTerraformCompleteExample 2022-08-04T19:10:49Z logger.go:66:                   - application = "confluentinc/cp-zookeeper:7.2.0"
TestTerraformCompleteExample 2022-08-04T19:10:49Z logger.go:66:                   - init        = "confluentinc/confluent-init-container:2.4.0"
TestTerraformCompleteExample 2022-08-04T19:10:49Z logger.go:66:                 }
TestTerraformCompleteExample 2022-08-04T19:10:49Z logger.go:66:               - logVolumeCapacity  = "10Gi"
TestTerraformCompleteExample 2022-08-04T19:10:49Z logger.go:66:               - replicas           = "3"
TestTerraformCompleteExample 2022-08-04T19:10:49Z logger.go:66:             }
TestTerraformCompleteExample 2022-08-04T19:10:49Z logger.go:66:         } -> null
TestTerraformCompleteExample 2022-08-04T19:10:49Z logger.go:66:       - object          = {
TestTerraformCompleteExample 2022-08-04T19:10:49Z logger.go:66:           - apiVersion = "platform.confluent.io/v1beta1"
TestTerraformCompleteExample 2022-08-04T19:10:49Z logger.go:66:           - kind       = "Zookeeper"
TestTerraformCompleteExample 2022-08-04T19:10:49Z logger.go:66:           - metadata   = {
TestTerraformCompleteExample 2022-08-04T19:10:49Z logger.go:66:               - annotations                = null
TestTerraformCompleteExample 2022-08-04T19:10:49Z logger.go:66:               - clusterName                = null
TestTerraformCompleteExample 2022-08-04T19:10:49Z logger.go:66:               - creationTimestamp          = null
TestTerraformCompleteExample 2022-08-04T19:10:49Z logger.go:66:               - deletionGracePeriodSeconds = null
TestTerraformCompleteExample 2022-08-04T19:10:49Z logger.go:66:               - deletionTimestamp          = null
TestTerraformCompleteExample 2022-08-04T19:10:49Z logger.go:66:               - finalizers                 = [
TestTerraformCompleteExample 2022-08-04T19:10:49Z logger.go:66:                   - "zookeeper.finalizers.platform.confluent.io",
TestTerraformCompleteExample 2022-08-04T19:10:49Z logger.go:66:                 ]
TestTerraformCompleteExample 2022-08-04T19:10:49Z logger.go:66:               - generateName               = null
TestTerraformCompleteExample 2022-08-04T19:10:49Z logger.go:66:               - generation                 = null
TestTerraformCompleteExample 2022-08-04T19:10:49Z logger.go:66:               - labels                     = null
TestTerraformCompleteExample 2022-08-04T19:10:49Z logger.go:66:               - managedFields              = null
TestTerraformCompleteExample 2022-08-04T19:10:49Z logger.go:66:               - name                       = "zookeeper"
TestTerraformCompleteExample 2022-08-04T19:10:49Z logger.go:66:               - namespace                  = "confluent"
TestTerraformCompleteExample 2022-08-04T19:10:49Z logger.go:66:               - ownerReferences            = null
TestTerraformCompleteExample 2022-08-04T19:10:49Z logger.go:66:               - resourceVersion            = null
TestTerraformCompleteExample 2022-08-04T19:10:49Z logger.go:66:               - selfLink                   = null
TestTerraformCompleteExample 2022-08-04T19:10:49Z logger.go:66:               - uid                        = null
TestTerraformCompleteExample 2022-08-04T19:10:49Z logger.go:66:             }
TestTerraformCompleteExample 2022-08-04T19:10:49Z logger.go:66:           - spec       = {
TestTerraformCompleteExample 2022-08-04T19:10:49Z logger.go:66:               - authentication     = {
TestTerraformCompleteExample 2022-08-04T19:10:49Z logger.go:66:                   - jaasConfig            = {
TestTerraformCompleteExample 2022-08-04T19:10:49Z logger.go:66:                       - secretRef = null
TestTerraformCompleteExample 2022-08-04T19:10:49Z logger.go:66:                     }
TestTerraformCompleteExample 2022-08-04T19:10:49Z logger.go:66:                   - jaasConfigPassThrough = {
TestTerraformCompleteExample 2022-08-04T19:10:49Z logger.go:66:                       - directoryPathInContainer = null
TestTerraformCompleteExample 2022-08-04T19:10:49Z logger.go:66:                       - secretRef                = null
TestTerraformCompleteExample 2022-08-04T19:10:49Z logger.go:66:                     }
TestTerraformCompleteExample 2022-08-04T19:10:49Z logger.go:66:                   - principalMappingRules = null
TestTerraformCompleteExample 2022-08-04T19:10:49Z logger.go:66:                   - type                  = null
TestTerraformCompleteExample 2022-08-04T19:10:49Z logger.go:66:                 }
TestTerraformCompleteExample 2022-08-04T19:10:49Z logger.go:66:               - configOverrides    = {
TestTerraformCompleteExample 2022-08-04T19:10:49Z logger.go:66:                   - jvm    = null
TestTerraformCompleteExample 2022-08-04T19:10:49Z logger.go:66:                   - log4j  = null
TestTerraformCompleteExample 2022-08-04T19:10:49Z logger.go:66:                   - peers  = null
TestTerraformCompleteExample 2022-08-04T19:10:49Z logger.go:66:                   - server = null
TestTerraformCompleteExample 2022-08-04T19:10:49Z logger.go:66:                 }
TestTerraformCompleteExample 2022-08-04T19:10:49Z logger.go:66:               - dataVolumeCapacity = "10Gi"
TestTerraformCompleteExample 2022-08-04T19:10:49Z logger.go:66:               - headlessService    = {
TestTerraformCompleteExample 2022-08-04T19:10:49Z logger.go:66:                   - annotations              = null
TestTerraformCompleteExample 2022-08-04T19:10:49Z logger.go:66:                   - labels                   = null
TestTerraformCompleteExample 2022-08-04T19:10:49Z logger.go:66:                   - publishNotReadyAddresses = null
TestTerraformCompleteExample 2022-08-04T19:10:49Z logger.go:66:                 }
TestTerraformCompleteExample 2022-08-04T19:10:49Z logger.go:66:               - image              = {
TestTerraformCompleteExample 2022-08-04T19:10:49Z logger.go:66:                   - application   = "confluentinc/cp-zookeeper:7.2.0"
TestTerraformCompleteExample 2022-08-04T19:10:49Z logger.go:66:                   - init          = "confluentinc/confluent-init-container:2.4.0"
TestTerraformCompleteExample 2022-08-04T19:10:49Z logger.go:66:                   - pullPolicy    = null
TestTerraformCompleteExample 2022-08-04T19:10:49Z logger.go:66:                   - pullSecretRef = null
TestTerraformCompleteExample 2022-08-04T19:10:49Z logger.go:66:                 }
TestTerraformCompleteExample 2022-08-04T19:10:49Z logger.go:66:               - injectAnnotations  = null
TestTerraformCompleteExample 2022-08-04T19:10:49Z logger.go:66:               - injectLabels       = null
TestTerraformCompleteExample 2022-08-04T19:10:49Z logger.go:66:               - k8sClusterDomain   = null
TestTerraformCompleteExample 2022-08-04T19:10:49Z logger.go:66:               - license            = {
TestTerraformCompleteExample 2022-08-04T19:10:49Z logger.go:66:                   - directoryPathInContainer = null
TestTerraformCompleteExample 2022-08-04T19:10:49Z logger.go:66:                   - globalLicense            = null
TestTerraformCompleteExample 2022-08-04T19:10:49Z logger.go:66:                   - secretRef                = null
TestTerraformCompleteExample 2022-08-04T19:10:49Z logger.go:66:                 }
TestTerraformCompleteExample 2022-08-04T19:10:49Z logger.go:66:               - logVolumeCapacity  = "10Gi"
TestTerraformCompleteExample 2022-08-04T19:10:49Z logger.go:66:               - metrics            = {
TestTerraformCompleteExample 2022-08-04T19:10:49Z logger.go:66:                   - authentication = {
TestTerraformCompleteExample 2022-08-04T19:10:49Z logger.go:66:                       - type = null
TestTerraformCompleteExample 2022-08-04T19:10:49Z logger.go:66:                     }
TestTerraformCompleteExample 2022-08-04T19:10:49Z logger.go:66:                   - prometheus     = {
TestTerraformCompleteExample 2022-08-04T19:10:49Z logger.go:66:                       - blacklist = null
TestTerraformCompleteExample 2022-08-04T19:10:49Z logger.go:66:                       - rules     = null
TestTerraformCompleteExample 2022-08-04T19:10:49Z logger.go:66:                       - whitelist = null
TestTerraformCompleteExample 2022-08-04T19:10:49Z logger.go:66:                     }
TestTerraformCompleteExample 2022-08-04T19:10:49Z logger.go:66:                   - tls            = {
TestTerraformCompleteExample 2022-08-04T19:10:49Z logger.go:66:                       - directoryPathInContainer = null
TestTerraformCompleteExample 2022-08-04T19:10:49Z logger.go:66:                       - enabled                  = null
TestTerraformCompleteExample 2022-08-04T19:10:49Z logger.go:66:                       - ignoreTrustStoreConfig   = null
TestTerraformCompleteExample 2022-08-04T19:10:49Z logger.go:66:                       - jksPassword              = {
TestTerraformCompleteExample 2022-08-04T19:10:49Z logger.go:66:                           - secretRef = null
TestTerraformCompleteExample 2022-08-04T19:10:49Z logger.go:66:                         }
TestTerraformCompleteExample 2022-08-04T19:10:49Z logger.go:66:                       - secretRef                = null
TestTerraformCompleteExample 2022-08-04T19:10:49Z logger.go:66:                     }
TestTerraformCompleteExample 2022-08-04T19:10:49Z logger.go:66:                 }
TestTerraformCompleteExample 2022-08-04T19:10:49Z logger.go:66:               - mountedSecrets     = null
TestTerraformCompleteExample 2022-08-04T19:10:49Z logger.go:66:               - mountedVolumes     = {
TestTerraformCompleteExample 2022-08-04T19:10:49Z logger.go:66:                   - volumeMounts = null
TestTerraformCompleteExample 2022-08-04T19:10:49Z logger.go:66:                   - volumes      = null
TestTerraformCompleteExample 2022-08-04T19:10:49Z logger.go:66:                 }
TestTerraformCompleteExample 2022-08-04T19:10:49Z logger.go:66:               - oneReplicaPerNode  = null
TestTerraformCompleteExample 2022-08-04T19:10:49Z logger.go:66:               - podTemplate        = {
TestTerraformCompleteExample 2022-08-04T19:10:49Z logger.go:66:                   - affinity                      = {
TestTerraformCompleteExample 2022-08-04T19:10:49Z logger.go:66:                       - nodeAffinity    = {
TestTerraformCompleteExample 2022-08-04T19:10:49Z logger.go:66:                           - preferredDuringSchedulingIgnoredDuringExecution = null
TestTerraformCompleteExample 2022-08-04T19:10:49Z logger.go:66:                           - requiredDuringSchedulingIgnoredDuringExecution  = {
TestTerraformCompleteExample 2022-08-04T19:10:49Z logger.go:66:                               - nodeSelectorTerms = null
TestTerraformCompleteExample 2022-08-04T19:10:49Z logger.go:66:                             }
TestTerraformCompleteExample 2022-08-04T19:10:49Z logger.go:66:                         }
TestTerraformCompleteExample 2022-08-04T19:10:49Z logger.go:66:                       - podAffinity     = {
TestTerraformCompleteExample 2022-08-04T19:10:49Z logger.go:66:                           - preferredDuringSchedulingIgnoredDuringExecution = null
TestTerraformCompleteExample 2022-08-04T19:10:49Z logger.go:66:                           - requiredDuringSchedulingIgnoredDuringExecution  = null
TestTerraformCompleteExample 2022-08-04T19:10:49Z logger.go:66:                         }
TestTerraformCompleteExample 2022-08-04T19:10:49Z logger.go:66:                       - podAntiAffinity = {
TestTerraformCompleteExample 2022-08-04T19:10:49Z logger.go:66:                           - preferredDuringSchedulingIgnoredDuringExecution = null
TestTerraformCompleteExample 2022-08-04T19:10:49Z logger.go:66:                           - requiredDuringSchedulingIgnoredDuringExecution  = null
TestTerraformCompleteExample 2022-08-04T19:10:49Z logger.go:66:                         }
TestTerraformCompleteExample 2022-08-04T19:10:49Z logger.go:66:                     }
TestTerraformCompleteExample 2022-08-04T19:10:49Z logger.go:66:                   - annotations                   = null
TestTerraformCompleteExample 2022-08-04T19:10:49Z logger.go:66:                   - envVars                       = null
TestTerraformCompleteExample 2022-08-04T19:10:49Z logger.go:66:                   - labels                        = null
TestTerraformCompleteExample 2022-08-04T19:10:49Z logger.go:66:                   - podSecurityContext            = {
TestTerraformCompleteExample 2022-08-04T19:10:49Z logger.go:66:                       - fsGroup             = null
TestTerraformCompleteExample 2022-08-04T19:10:49Z logger.go:66:                       - fsGroupChangePolicy = null
TestTerraformCompleteExample 2022-08-04T19:10:49Z logger.go:66:                       - runAsGroup          = null
TestTerraformCompleteExample 2022-08-04T19:10:49Z logger.go:66:                       - runAsNonRoot        = null
TestTerraformCompleteExample 2022-08-04T19:10:49Z logger.go:66:                       - runAsUser           = null
TestTerraformCompleteExample 2022-08-04T19:10:49Z logger.go:66:                       - seLinuxOptions      = {
TestTerraformCompleteExample 2022-08-04T19:10:49Z logger.go:66:                           - level = null
TestTerraformCompleteExample 2022-08-04T19:10:49Z logger.go:66:                           - role  = null
TestTerraformCompleteExample 2022-08-04T19:10:49Z logger.go:66:                           - type  = null
TestTerraformCompleteExample 2022-08-04T19:10:49Z logger.go:66:                           - user  = null
TestTerraformCompleteExample 2022-08-04T19:10:49Z logger.go:66:                         }
TestTerraformCompleteExample 2022-08-04T19:10:49Z logger.go:66:                       - seccompProfile      = {
TestTerraformCompleteExample 2022-08-04T19:10:49Z logger.go:66:                           - localhostProfile = null
TestTerraformCompleteExample 2022-08-04T19:10:49Z logger.go:66:                           - type             = null
TestTerraformCompleteExample 2022-08-04T19:10:49Z logger.go:66:                         }
TestTerraformCompleteExample 2022-08-04T19:10:49Z logger.go:66:                       - supplementalGroups  = null
TestTerraformCompleteExample 2022-08-04T19:10:49Z logger.go:66:                       - sysctls             = null
TestTerraformCompleteExample 2022-08-04T19:10:49Z logger.go:66:                       - windowsOptions      = {
TestTerraformCompleteExample 2022-08-04T19:10:49Z logger.go:66:                           - gmsaCredentialSpec     = null
TestTerraformCompleteExample 2022-08-04T19:10:49Z logger.go:66:                           - gmsaCredentialSpecName = null
TestTerraformCompleteExample 2022-08-04T19:10:49Z logger.go:66:                           - hostProcess            = null
TestTerraformCompleteExample 2022-08-04T19:10:49Z logger.go:66:                           - runAsUserName          = null
TestTerraformCompleteExample 2022-08-04T19:10:49Z logger.go:66:                         }
TestTerraformCompleteExample 2022-08-04T19:10:49Z logger.go:66:                     }
TestTerraformCompleteExample 2022-08-04T19:10:49Z logger.go:66:                   - priorityClassName             = null
TestTerraformCompleteExample 2022-08-04T19:10:49Z logger.go:66:                   - probe                         = {
TestTerraformCompleteExample 2022-08-04T19:10:49Z logger.go:66:                       - liveness  = {
TestTerraformCompleteExample 2022-08-04T19:10:49Z logger.go:66:                           - failureThreshold    = null
TestTerraformCompleteExample 2022-08-04T19:10:49Z logger.go:66:                           - initialDelaySeconds = null
TestTerraformCompleteExample 2022-08-04T19:10:49Z logger.go:66:                           - periodSeconds       = null
TestTerraformCompleteExample 2022-08-04T19:10:49Z logger.go:66:                           - successThreshold    = null
TestTerraformCompleteExample 2022-08-04T19:10:49Z logger.go:66:                           - timeoutSeconds      = null
TestTerraformCompleteExample 2022-08-04T19:10:49Z logger.go:66:                         }
TestTerraformCompleteExample 2022-08-04T19:10:49Z logger.go:66:                       - readiness = {
TestTerraformCompleteExample 2022-08-04T19:10:49Z logger.go:66:                           - failureThreshold    = null
TestTerraformCompleteExample 2022-08-04T19:10:49Z logger.go:66:                           - initialDelaySeconds = null
TestTerraformCompleteExample 2022-08-04T19:10:49Z logger.go:66:                           - periodSeconds       = null
TestTerraformCompleteExample 2022-08-04T19:10:49Z logger.go:66:                           - successThreshold    = null
TestTerraformCompleteExample 2022-08-04T19:10:49Z logger.go:66:                           - timeoutSeconds      = null
TestTerraformCompleteExample 2022-08-04T19:10:49Z logger.go:66:                         }
TestTerraformCompleteExample 2022-08-04T19:10:49Z logger.go:66:                     }
TestTerraformCompleteExample 2022-08-04T19:10:49Z logger.go:66:                   - resources                     = {
TestTerraformCompleteExample 2022-08-04T19:10:49Z logger.go:66:                       - limits   = null
TestTerraformCompleteExample 2022-08-04T19:10:49Z logger.go:66:                       - requests = null
TestTerraformCompleteExample 2022-08-04T19:10:49Z logger.go:66:                     }
TestTerraformCompleteExample 2022-08-04T19:10:49Z logger.go:66:                   - securityContext               = {
TestTerraformCompleteExample 2022-08-04T19:10:49Z logger.go:66:                       - allowPrivilegeEscalation = null
TestTerraformCompleteExample 2022-08-04T19:10:49Z logger.go:66:                       - capabilities             = {
TestTerraformCompleteExample 2022-08-04T19:10:49Z logger.go:66:                           - add  = null
TestTerraformCompleteExample 2022-08-04T19:10:49Z logger.go:66:                           - drop = null
TestTerraformCompleteExample 2022-08-04T19:10:49Z logger.go:66:                         }
TestTerraformCompleteExample 2022-08-04T19:10:49Z logger.go:66:                       - privileged               = null
TestTerraformCompleteExample 2022-08-04T19:10:49Z logger.go:66:                       - procMount                = null
TestTerraformCompleteExample 2022-08-04T19:10:49Z logger.go:66:                       - readOnlyRootFilesystem   = null
TestTerraformCompleteExample 2022-08-04T19:10:49Z logger.go:66:                       - runAsGroup               = null
TestTerraformCompleteExample 2022-08-04T19:10:49Z logger.go:66:                       - runAsNonRoot             = null
TestTerraformCompleteExample 2022-08-04T19:10:49Z logger.go:66:                       - runAsUser                = null
TestTerraformCompleteExample 2022-08-04T19:10:49Z logger.go:66:                       - seLinuxOptions           = {
TestTerraformCompleteExample 2022-08-04T19:10:49Z logger.go:66:                           - level = null
TestTerraformCompleteExample 2022-08-04T19:10:49Z logger.go:66:                           - role  = null
TestTerraformCompleteExample 2022-08-04T19:10:49Z logger.go:66:                           - type  = null
TestTerraformCompleteExample 2022-08-04T19:10:49Z logger.go:66:                           - user  = null
TestTerraformCompleteExample 2022-08-04T19:10:49Z logger.go:66:                         }
TestTerraformCompleteExample 2022-08-04T19:10:49Z logger.go:66:                       - seccompProfile           = {
TestTerraformCompleteExample 2022-08-04T19:10:49Z logger.go:66:                           - localhostProfile = null
TestTerraformCompleteExample 2022-08-04T19:10:49Z logger.go:66:                           - type             = null
TestTerraformCompleteExample 2022-08-04T19:10:49Z logger.go:66:                         }
TestTerraformCompleteExample 2022-08-04T19:10:49Z logger.go:66:                       - windowsOptions           = {
TestTerraformCompleteExample 2022-08-04T19:10:49Z logger.go:66:                           - gmsaCredentialSpec     = null
TestTerraformCompleteExample 2022-08-04T19:10:49Z logger.go:66:                           - gmsaCredentialSpecName = null
TestTerraformCompleteExample 2022-08-04T19:10:49Z logger.go:66:                           - hostProcess            = null
TestTerraformCompleteExample 2022-08-04T19:10:49Z logger.go:66:                           - runAsUserName          = null
TestTerraformCompleteExample 2022-08-04T19:10:49Z logger.go:66:                         }
TestTerraformCompleteExample 2022-08-04T19:10:49Z logger.go:66:                     }
TestTerraformCompleteExample 2022-08-04T19:10:49Z logger.go:66:                   - serviceAccountName            = null
TestTerraformCompleteExample 2022-08-04T19:10:49Z logger.go:66:                   - terminationGracePeriodSeconds = null
TestTerraformCompleteExample 2022-08-04T19:10:49Z logger.go:66:                   - tolerations                   = null
TestTerraformCompleteExample 2022-08-04T19:10:49Z logger.go:66:                   - topologySpreadConstraints     = null
TestTerraformCompleteExample 2022-08-04T19:10:49Z logger.go:66:                 }
TestTerraformCompleteExample 2022-08-04T19:10:49Z logger.go:66:               - replicas           = 3
TestTerraformCompleteExample 2022-08-04T19:10:49Z logger.go:66:               - storageClass       = {
TestTerraformCompleteExample 2022-08-04T19:10:49Z logger.go:66:                   - name = null
TestTerraformCompleteExample 2022-08-04T19:10:49Z logger.go:66:                 }
TestTerraformCompleteExample 2022-08-04T19:10:49Z logger.go:66:               - tls                = {
TestTerraformCompleteExample 2022-08-04T19:10:49Z logger.go:66:                   - autoGeneratedCerts       = null
TestTerraformCompleteExample 2022-08-04T19:10:49Z logger.go:66:                   - directoryPathInContainer = null
TestTerraformCompleteExample 2022-08-04T19:10:49Z logger.go:66:                   - ignoreTrustStoreConfig   = null
TestTerraformCompleteExample 2022-08-04T19:10:49Z logger.go:66:                   - jksPassword              = {
TestTerraformCompleteExample 2022-08-04T19:10:49Z logger.go:66:                       - secretRef = null
TestTerraformCompleteExample 2022-08-04T19:10:49Z logger.go:66:                     }
TestTerraformCompleteExample 2022-08-04T19:10:49Z logger.go:66:                   - secretRef                = null
TestTerraformCompleteExample 2022-08-04T19:10:49Z logger.go:66:                 }
TestTerraformCompleteExample 2022-08-04T19:10:49Z logger.go:66:             }
TestTerraformCompleteExample 2022-08-04T19:10:49Z logger.go:66:         } -> null
TestTerraformCompleteExample 2022-08-04T19:10:49Z logger.go:66:
TestTerraformCompleteExample 2022-08-04T19:10:49Z logger.go:66:       - timeouts {
TestTerraformCompleteExample 2022-08-04T19:10:49Z logger.go:66:           - create = "1h" -> null
TestTerraformCompleteExample 2022-08-04T19:10:49Z logger.go:66:           - delete = "10m" -> null
TestTerraformCompleteExample 2022-08-04T19:10:49Z logger.go:66:           - update = "1h" -> null
TestTerraformCompleteExample 2022-08-04T19:10:49Z logger.go:66:         }
TestTerraformCompleteExample 2022-08-04T19:10:49Z logger.go:66:
TestTerraformCompleteExample 2022-08-04T19:10:49Z logger.go:66:       - wait {
TestTerraformCompleteExample 2022-08-04T19:10:49Z logger.go:66:           - fields = {
TestTerraformCompleteExample 2022-08-04T19:10:49Z logger.go:66:               - "status.phase" = "RUNNING"
TestTerraformCompleteExample 2022-08-04T19:10:49Z logger.go:66:             } -> null
TestTerraformCompleteExample 2022-08-04T19:10:49Z logger.go:66:         }
TestTerraformCompleteExample 2022-08-04T19:10:49Z logger.go:66:     }
TestTerraformCompleteExample 2022-08-04T19:10:49Z logger.go:66:
TestTerraformCompleteExample 2022-08-04T19:10:49Z logger.go:66:   # module.confluent_platform.module.confluent_operator[0].helm_release.confluent_operator[0] will be destroyed
TestTerraformCompleteExample 2022-08-04T19:10:49Z logger.go:66:   - resource "helm_release" "confluent_operator" {
TestTerraformCompleteExample 2022-08-04T19:10:49Z logger.go:66:       - atomic                     = false -> null
TestTerraformCompleteExample 2022-08-04T19:10:49Z logger.go:66:       - chart                      = "confluent-for-kubernetes" -> null
TestTerraformCompleteExample 2022-08-04T19:10:49Z logger.go:66:       - cleanup_on_fail            = false -> null
TestTerraformCompleteExample 2022-08-04T19:10:49Z logger.go:66:       - create_namespace           = false -> null
TestTerraformCompleteExample 2022-08-04T19:10:49Z logger.go:66:       - dependency_update          = false -> null
TestTerraformCompleteExample 2022-08-04T19:10:49Z logger.go:66:       - disable_crd_hooks          = false -> null
TestTerraformCompleteExample 2022-08-04T19:10:49Z logger.go:66:       - disable_openapi_validation = false -> null
TestTerraformCompleteExample 2022-08-04T19:10:49Z logger.go:66:       - disable_webhooks           = false -> null
TestTerraformCompleteExample 2022-08-04T19:10:49Z logger.go:66:       - force_update               = false -> null
TestTerraformCompleteExample 2022-08-04T19:10:49Z logger.go:66:       - id                         = "confluent-operator" -> null
TestTerraformCompleteExample 2022-08-04T19:10:49Z logger.go:66:       - lint                       = false -> null
TestTerraformCompleteExample 2022-08-04T19:10:49Z logger.go:66:       - max_history                = 0 -> null
TestTerraformCompleteExample 2022-08-04T19:10:49Z logger.go:66:       - metadata                   = [
TestTerraformCompleteExample 2022-08-04T19:10:49Z logger.go:66:           - {
TestTerraformCompleteExample 2022-08-04T19:10:49Z logger.go:66:               - app_version = "2.4.0"
TestTerraformCompleteExample 2022-08-04T19:10:49Z logger.go:66:               - chart       = "confluent-for-kubernetes"
TestTerraformCompleteExample 2022-08-04T19:10:49Z logger.go:66:               - name        = "confluent-operator"
TestTerraformCompleteExample 2022-08-04T19:10:49Z logger.go:66:               - namespace   = "confluent"
TestTerraformCompleteExample 2022-08-04T19:10:49Z logger.go:66:               - revision    = 1
TestTerraformCompleteExample 2022-08-04T19:10:49Z logger.go:66:               - values      = "null"
TestTerraformCompleteExample 2022-08-04T19:10:49Z logger.go:66:               - version     = "0.517.12"
TestTerraformCompleteExample 2022-08-04T19:10:49Z logger.go:66:             },
TestTerraformCompleteExample 2022-08-04T19:10:49Z logger.go:66:         ] -> null
TestTerraformCompleteExample 2022-08-04T19:10:49Z logger.go:66:       - name                       = "confluent-operator" -> null
TestTerraformCompleteExample 2022-08-04T19:10:49Z logger.go:66:       - namespace                  = "confluent" -> null
TestTerraformCompleteExample 2022-08-04T19:10:49Z logger.go:66:       - pass_credentials           = false -> null
TestTerraformCompleteExample 2022-08-04T19:10:49Z logger.go:66:       - recreate_pods              = false -> null
TestTerraformCompleteExample 2022-08-04T19:10:49Z logger.go:66:       - render_subchart_notes      = true -> null
TestTerraformCompleteExample 2022-08-04T19:10:49Z logger.go:66:       - replace                    = false -> null
TestTerraformCompleteExample 2022-08-04T19:10:49Z logger.go:66:       - repository                 = "https://packages.confluent.io/helm" -> null
TestTerraformCompleteExample 2022-08-04T19:10:49Z logger.go:66:       - reset_values               = false -> null
TestTerraformCompleteExample 2022-08-04T19:10:49Z logger.go:66:       - reuse_values               = false -> null
TestTerraformCompleteExample 2022-08-04T19:10:49Z logger.go:66:       - skip_crds                  = false -> null
TestTerraformCompleteExample 2022-08-04T19:10:49Z logger.go:66:       - status                     = "deployed" -> null
TestTerraformCompleteExample 2022-08-04T19:10:49Z logger.go:66:       - timeout                    = 300 -> null
TestTerraformCompleteExample 2022-08-04T19:10:49Z logger.go:66:       - values                     = [] -> null
TestTerraformCompleteExample 2022-08-04T19:10:49Z logger.go:66:       - verify                     = false -> null
TestTerraformCompleteExample 2022-08-04T19:10:49Z logger.go:66:       - version                    = "0.517.12" -> null
TestTerraformCompleteExample 2022-08-04T19:10:49Z logger.go:66:       - wait                       = true -> null
TestTerraformCompleteExample 2022-08-04T19:10:49Z logger.go:66:       - wait_for_jobs              = true -> null
TestTerraformCompleteExample 2022-08-04T19:10:49Z logger.go:66:     }
TestTerraformCompleteExample 2022-08-04T19:10:49Z logger.go:66:
TestTerraformCompleteExample 2022-08-04T19:10:49Z logger.go:66:   # module.confluent_platform.module.confluent_operator[0].kubernetes_namespace_v1.namespace[0] will be destroyed
TestTerraformCompleteExample 2022-08-04T19:10:49Z logger.go:66:   - resource "kubernetes_namespace_v1" "namespace" {
TestTerraformCompleteExample 2022-08-04T19:10:49Z logger.go:66:       - id = "confluent" -> null
TestTerraformCompleteExample 2022-08-04T19:10:49Z logger.go:66:
TestTerraformCompleteExample 2022-08-04T19:10:49Z logger.go:66:       - metadata {
TestTerraformCompleteExample 2022-08-04T19:10:49Z logger.go:66:           - annotations      = {} -> null
TestTerraformCompleteExample 2022-08-04T19:10:49Z logger.go:66:           - generation       = 0 -> null
TestTerraformCompleteExample 2022-08-04T19:10:49Z logger.go:66:           - labels           = {} -> null
TestTerraformCompleteExample 2022-08-04T19:10:49Z logger.go:66:           - name             = "confluent" -> null
TestTerraformCompleteExample 2022-08-04T19:10:49Z logger.go:66:           - resource_version = "72453" -> null
TestTerraformCompleteExample 2022-08-04T19:10:49Z logger.go:66:           - uid              = "30afcdb0-339e-4952-a815-aeca00a3b251" -> null
TestTerraformCompleteExample 2022-08-04T19:10:49Z logger.go:66:         }
TestTerraformCompleteExample 2022-08-04T19:10:49Z logger.go:66:     }
TestTerraformCompleteExample 2022-08-04T19:10:49Z logger.go:66:
TestTerraformCompleteExample 2022-08-04T19:10:49Z logger.go:66:   # module.confluent_platform.module.connectors["pageviews-source"].kubernetes_manifest.connector will be destroyed
TestTerraformCompleteExample 2022-08-04T19:10:49Z logger.go:66:   - resource "kubernetes_manifest" "connector" {
TestTerraformCompleteExample 2022-08-04T19:10:49Z logger.go:66:       - computed_fields = [
TestTerraformCompleteExample 2022-08-04T19:10:49Z logger.go:66:           - "metadata.finalizers",
TestTerraformCompleteExample 2022-08-04T19:10:49Z logger.go:66:         ] -> null
TestTerraformCompleteExample 2022-08-04T19:10:49Z logger.go:66:       - manifest        = {
TestTerraformCompleteExample 2022-08-04T19:10:49Z logger.go:66:           - apiVersion = "platform.confluent.io/v1beta1"
TestTerraformCompleteExample 2022-08-04T19:10:49Z logger.go:66:           - kind       = "Connector"
TestTerraformCompleteExample 2022-08-04T19:10:49Z logger.go:66:           - metadata   = {
TestTerraformCompleteExample 2022-08-04T19:10:49Z logger.go:66:               - name      = "pageviews-source"
TestTerraformCompleteExample 2022-08-04T19:10:49Z logger.go:66:               - namespace = "confluent"
TestTerraformCompleteExample 2022-08-04T19:10:49Z logger.go:66:             }
TestTerraformCompleteExample 2022-08-04T19:10:49Z logger.go:66:           - spec       = {
TestTerraformCompleteExample 2022-08-04T19:10:49Z logger.go:66:               - class             = "io.confluent.kafka.connect.datagen.DatagenConnector"
TestTerraformCompleteExample 2022-08-04T19:10:49Z logger.go:66:               - configs           = {
TestTerraformCompleteExample 2022-08-04T19:10:49Z logger.go:66:                   - iterations                            = "10000000"
TestTerraformCompleteExample 2022-08-04T19:10:49Z logger.go:66:                   - "kafka.topic"                         = "pageviews"
TestTerraformCompleteExample 2022-08-04T19:10:49Z logger.go:66:                   - "key.converter"                       = "org.apache.kafka.connect.storage.StringConverter"
TestTerraformCompleteExample 2022-08-04T19:10:49Z logger.go:66:                   - "max.interval"                        = "100"
TestTerraformCompleteExample 2022-08-04T19:10:49Z logger.go:66:                   - quickstart                            = "pageviews"
TestTerraformCompleteExample 2022-08-04T19:10:49Z logger.go:66:                   - "value.converter"                     = "io.confluent.connect.avro.AvroConverter"
TestTerraformCompleteExample 2022-08-04T19:10:49Z logger.go:66:                   - "value.converter.schema.registry.url" = "http://schemaregistry.confluent.svc.cluster.local:8081"
TestTerraformCompleteExample 2022-08-04T19:10:49Z logger.go:66:                   - "value.converter.schemas.enable"      = "true"
TestTerraformCompleteExample 2022-08-04T19:10:49Z logger.go:66:                 }
TestTerraformCompleteExample 2022-08-04T19:10:49Z logger.go:66:               - connectClusterRef = {
TestTerraformCompleteExample 2022-08-04T19:10:49Z logger.go:66:                   - name = "connect"
TestTerraformCompleteExample 2022-08-04T19:10:49Z logger.go:66:                 }
TestTerraformCompleteExample 2022-08-04T19:10:49Z logger.go:66:               - taskMax           = 1
TestTerraformCompleteExample 2022-08-04T19:10:49Z logger.go:66:             }
TestTerraformCompleteExample 2022-08-04T19:10:49Z logger.go:66:         } -> null
TestTerraformCompleteExample 2022-08-04T19:10:49Z logger.go:66:       - object          = {
TestTerraformCompleteExample 2022-08-04T19:10:49Z logger.go:66:           - apiVersion = "platform.confluent.io/v1beta1"
TestTerraformCompleteExample 2022-08-04T19:10:49Z logger.go:66:           - kind       = "Connector"
TestTerraformCompleteExample 2022-08-04T19:10:49Z logger.go:66:           - metadata   = {
TestTerraformCompleteExample 2022-08-04T19:10:49Z logger.go:66:               - annotations                = null
TestTerraformCompleteExample 2022-08-04T19:10:49Z logger.go:66:               - clusterName                = null
TestTerraformCompleteExample 2022-08-04T19:10:49Z logger.go:66:               - creationTimestamp          = null
TestTerraformCompleteExample 2022-08-04T19:10:49Z logger.go:66:               - deletionGracePeriodSeconds = null
TestTerraformCompleteExample 2022-08-04T19:10:49Z logger.go:66:               - deletionTimestamp          = null
TestTerraformCompleteExample 2022-08-04T19:10:49Z logger.go:66:               - finalizers                 = [
TestTerraformCompleteExample 2022-08-04T19:10:49Z logger.go:66:                   - "connector.finalizers.platform.confluent.io",
TestTerraformCompleteExample 2022-08-04T19:10:49Z logger.go:66:                 ]
TestTerraformCompleteExample 2022-08-04T19:10:49Z logger.go:66:               - generateName               = null
TestTerraformCompleteExample 2022-08-04T19:10:49Z logger.go:66:               - generation                 = null
TestTerraformCompleteExample 2022-08-04T19:10:49Z logger.go:66:               - labels                     = null
TestTerraformCompleteExample 2022-08-04T19:10:49Z logger.go:66:               - managedFields              = null
TestTerraformCompleteExample 2022-08-04T19:10:49Z logger.go:66:               - name                       = "pageviews-source"
TestTerraformCompleteExample 2022-08-04T19:10:49Z logger.go:66:               - namespace                  = "confluent"
TestTerraformCompleteExample 2022-08-04T19:10:49Z logger.go:66:               - ownerReferences            = [
TestTerraformCompleteExample 2022-08-04T19:10:49Z logger.go:66:                   - {
TestTerraformCompleteExample 2022-08-04T19:10:49Z logger.go:66:                       - apiVersion         = "platform.confluent.io/v1beta1"
TestTerraformCompleteExample 2022-08-04T19:10:49Z logger.go:66:                       - blockOwnerDeletion = true
TestTerraformCompleteExample 2022-08-04T19:10:49Z logger.go:66:                       - controller         = true
TestTerraformCompleteExample 2022-08-04T19:10:49Z logger.go:66:                       - kind               = "Connect"
TestTerraformCompleteExample 2022-08-04T19:10:49Z logger.go:66:                       - name               = "connect"
TestTerraformCompleteExample 2022-08-04T19:10:49Z logger.go:66:                       - uid                = "02c8755c-61f3-4740-b030-c15eaf8671b6"
TestTerraformCompleteExample 2022-08-04T19:10:49Z logger.go:66:                     },
TestTerraformCompleteExample 2022-08-04T19:10:49Z logger.go:66:                 ]
TestTerraformCompleteExample 2022-08-04T19:10:49Z logger.go:66:               - resourceVersion            = null
TestTerraformCompleteExample 2022-08-04T19:10:49Z logger.go:66:               - selfLink                   = null
TestTerraformCompleteExample 2022-08-04T19:10:49Z logger.go:66:               - uid                        = null
TestTerraformCompleteExample 2022-08-04T19:10:49Z logger.go:66:             }
TestTerraformCompleteExample 2022-08-04T19:10:49Z logger.go:66:           - spec       = {
TestTerraformCompleteExample 2022-08-04T19:10:49Z logger.go:66:               - class             = "io.confluent.kafka.connect.datagen.DatagenConnector"
TestTerraformCompleteExample 2022-08-04T19:10:49Z logger.go:66:               - configs           = {
TestTerraformCompleteExample 2022-08-04T19:10:49Z logger.go:66:                   - "iterations"                          = "10000000"
TestTerraformCompleteExample 2022-08-04T19:10:49Z logger.go:66:                   - "kafka.topic"                         = "pageviews"
TestTerraformCompleteExample 2022-08-04T19:10:49Z logger.go:66:                   - "key.converter"                       = "org.apache.kafka.connect.storage.StringConverter"
TestTerraformCompleteExample 2022-08-04T19:10:49Z logger.go:66:                   - "max.interval"                        = "100"
TestTerraformCompleteExample 2022-08-04T19:10:49Z logger.go:66:                   - "quickstart"                          = "pageviews"
TestTerraformCompleteExample 2022-08-04T19:10:49Z logger.go:66:                   - "value.converter"                     = "io.confluent.connect.avro.AvroConverter"
TestTerraformCompleteExample 2022-08-04T19:10:49Z logger.go:66:                   - "value.converter.schema.registry.url" = "http://schemaregistry.confluent.svc.cluster.local:8081"
TestTerraformCompleteExample 2022-08-04T19:10:49Z logger.go:66:                   - "value.converter.schemas.enable"      = "true"
TestTerraformCompleteExample 2022-08-04T19:10:49Z logger.go:66:                 }
TestTerraformCompleteExample 2022-08-04T19:10:49Z logger.go:66:               - connectClusterRef = {
TestTerraformCompleteExample 2022-08-04T19:10:49Z logger.go:66:                   - name      = "connect"
TestTerraformCompleteExample 2022-08-04T19:10:49Z logger.go:66:                   - namespace = null
TestTerraformCompleteExample 2022-08-04T19:10:49Z logger.go:66:                 }
TestTerraformCompleteExample 2022-08-04T19:10:49Z logger.go:66:               - connectRest       = {
TestTerraformCompleteExample 2022-08-04T19:10:49Z logger.go:66:                   - authentication = {
TestTerraformCompleteExample 2022-08-04T19:10:49Z logger.go:66:                       - basic  = {
TestTerraformCompleteExample 2022-08-04T19:10:49Z logger.go:66:                           - debug                    = null
TestTerraformCompleteExample 2022-08-04T19:10:49Z logger.go:66:                           - directoryPathInContainer = null
TestTerraformCompleteExample 2022-08-04T19:10:49Z logger.go:66:                           - restrictedRoles          = null
TestTerraformCompleteExample 2022-08-04T19:10:49Z logger.go:66:                           - roles                    = null
TestTerraformCompleteExample 2022-08-04T19:10:49Z logger.go:66:                           - secretRef                = null
TestTerraformCompleteExample 2022-08-04T19:10:49Z logger.go:66:                         }
TestTerraformCompleteExample 2022-08-04T19:10:49Z logger.go:66:                       - bearer = {
TestTerraformCompleteExample 2022-08-04T19:10:49Z logger.go:66:                           - directoryPathInContainer = null
TestTerraformCompleteExample 2022-08-04T19:10:49Z logger.go:66:                           - secretRef                = null
TestTerraformCompleteExample 2022-08-04T19:10:49Z logger.go:66:                         }
TestTerraformCompleteExample 2022-08-04T19:10:49Z logger.go:66:                       - type   = null
TestTerraformCompleteExample 2022-08-04T19:10:49Z logger.go:66:                     }
TestTerraformCompleteExample 2022-08-04T19:10:49Z logger.go:66:                   - endpoint       = null
TestTerraformCompleteExample 2022-08-04T19:10:49Z logger.go:66:                   - kafkaClusterID = null
TestTerraformCompleteExample 2022-08-04T19:10:49Z logger.go:66:                   - tls            = {
TestTerraformCompleteExample 2022-08-04T19:10:49Z logger.go:66:                       - directoryPathInContainer = null
TestTerraformCompleteExample 2022-08-04T19:10:49Z logger.go:66:                       - jksPassword              = {
TestTerraformCompleteExample 2022-08-04T19:10:49Z logger.go:66:                           - secretRef = null
TestTerraformCompleteExample 2022-08-04T19:10:49Z logger.go:66:                         }
TestTerraformCompleteExample 2022-08-04T19:10:49Z logger.go:66:                       - secretRef                = null
TestTerraformCompleteExample 2022-08-04T19:10:49Z logger.go:66:                     }
TestTerraformCompleteExample 2022-08-04T19:10:49Z logger.go:66:                 }
TestTerraformCompleteExample 2022-08-04T19:10:49Z logger.go:66:               - name              = null
TestTerraformCompleteExample 2022-08-04T19:10:49Z logger.go:66:               - restartPolicy     = {
TestTerraformCompleteExample 2022-08-04T19:10:49Z logger.go:66:                   - maxRetry = null
TestTerraformCompleteExample 2022-08-04T19:10:49Z logger.go:66:                   - type     = null
TestTerraformCompleteExample 2022-08-04T19:10:49Z logger.go:66:                 }
TestTerraformCompleteExample 2022-08-04T19:10:49Z logger.go:66:               - taskMax           = 1
TestTerraformCompleteExample 2022-08-04T19:10:49Z logger.go:66:             }
TestTerraformCompleteExample 2022-08-04T19:10:49Z logger.go:66:         } -> null
TestTerraformCompleteExample 2022-08-04T19:10:49Z logger.go:66:
TestTerraformCompleteExample 2022-08-04T19:10:49Z logger.go:66:       - timeouts {
TestTerraformCompleteExample 2022-08-04T19:10:49Z logger.go:66:           - create = "10m" -> null
TestTerraformCompleteExample 2022-08-04T19:10:49Z logger.go:66:           - delete = "10m" -> null
TestTerraformCompleteExample 2022-08-04T19:10:49Z logger.go:66:           - update = "10m" -> null
TestTerraformCompleteExample 2022-08-04T19:10:49Z logger.go:66:         }
TestTerraformCompleteExample 2022-08-04T19:10:49Z logger.go:66:
TestTerraformCompleteExample 2022-08-04T19:10:49Z logger.go:66:       - wait {
TestTerraformCompleteExample 2022-08-04T19:10:49Z logger.go:66:           - fields = {
TestTerraformCompleteExample 2022-08-04T19:10:49Z logger.go:66:               - "status.state" = "CREATED"
TestTerraformCompleteExample 2022-08-04T19:10:49Z logger.go:66:             } -> null
TestTerraformCompleteExample 2022-08-04T19:10:49Z logger.go:66:         }
TestTerraformCompleteExample 2022-08-04T19:10:49Z logger.go:66:     }
TestTerraformCompleteExample 2022-08-04T19:10:49Z logger.go:66:
TestTerraformCompleteExample 2022-08-04T19:10:49Z logger.go:66:   # module.confluent_platform.module.kafka_topics["my-other-topic"].kubernetes_manifest.topic will be destroyed
TestTerraformCompleteExample 2022-08-04T19:10:49Z logger.go:66:   - resource "kubernetes_manifest" "topic" {
TestTerraformCompleteExample 2022-08-04T19:10:49Z logger.go:66:       - computed_fields = [
TestTerraformCompleteExample 2022-08-04T19:10:49Z logger.go:66:           - "metadata.finalizers",
TestTerraformCompleteExample 2022-08-04T19:10:49Z logger.go:66:         ] -> null
TestTerraformCompleteExample 2022-08-04T19:10:49Z logger.go:66:       - manifest        = {
TestTerraformCompleteExample 2022-08-04T19:10:49Z logger.go:66:           - apiVersion = "platform.confluent.io/v1beta1"
TestTerraformCompleteExample 2022-08-04T19:10:49Z logger.go:66:           - kind       = "KafkaTopic"
TestTerraformCompleteExample 2022-08-04T19:10:49Z logger.go:66:           - metadata   = {
TestTerraformCompleteExample 2022-08-04T19:10:49Z logger.go:66:               - name      = "my-other-topic"
TestTerraformCompleteExample 2022-08-04T19:10:49Z logger.go:66:               - namespace = "confluent"
TestTerraformCompleteExample 2022-08-04T19:10:49Z logger.go:66:             }
TestTerraformCompleteExample 2022-08-04T19:10:49Z logger.go:66:           - spec       = {
TestTerraformCompleteExample 2022-08-04T19:10:49Z logger.go:66:               - configs        = {
TestTerraformCompleteExample 2022-08-04T19:10:49Z logger.go:66:                   - "cleanup.policy" = "compact"
TestTerraformCompleteExample 2022-08-04T19:10:49Z logger.go:66:                 }
TestTerraformCompleteExample 2022-08-04T19:10:49Z logger.go:66:               - partitionCount = 3
TestTerraformCompleteExample 2022-08-04T19:10:49Z logger.go:66:               - replicas       = 3
TestTerraformCompleteExample 2022-08-04T19:10:49Z logger.go:66:             }
TestTerraformCompleteExample 2022-08-04T19:10:49Z logger.go:66:         } -> null
TestTerraformCompleteExample 2022-08-04T19:10:49Z logger.go:66:       - object          = {
TestTerraformCompleteExample 2022-08-04T19:10:49Z logger.go:66:           - apiVersion = "platform.confluent.io/v1beta1"
TestTerraformCompleteExample 2022-08-04T19:10:49Z logger.go:66:           - kind       = "KafkaTopic"
TestTerraformCompleteExample 2022-08-04T19:10:49Z logger.go:66:           - metadata   = {
TestTerraformCompleteExample 2022-08-04T19:10:49Z logger.go:66:               - annotations                = {
TestTerraformCompleteExample 2022-08-04T19:10:49Z logger.go:66:                   - "platform.confluent.io/last-spec-hash" = "M0IMa6xRJMptule+kU9qHuDT9Hg+p2baQaAokmMCsDk="
TestTerraformCompleteExample 2022-08-04T19:10:49Z logger.go:66:                 }
TestTerraformCompleteExample 2022-08-04T19:10:49Z logger.go:66:               - clusterName                = null
TestTerraformCompleteExample 2022-08-04T19:10:49Z logger.go:66:               - creationTimestamp          = null
TestTerraformCompleteExample 2022-08-04T19:10:49Z logger.go:66:               - deletionGracePeriodSeconds = null
TestTerraformCompleteExample 2022-08-04T19:10:49Z logger.go:66:               - deletionTimestamp          = null
TestTerraformCompleteExample 2022-08-04T19:10:49Z logger.go:66:               - finalizers                 = [
TestTerraformCompleteExample 2022-08-04T19:10:49Z logger.go:66:                   - "kafkatopic.finalizers.platform.confluent.io",
TestTerraformCompleteExample 2022-08-04T19:10:49Z logger.go:66:                 ]
TestTerraformCompleteExample 2022-08-04T19:10:49Z logger.go:66:               - generateName               = null
TestTerraformCompleteExample 2022-08-04T19:10:49Z logger.go:66:               - generation                 = null
TestTerraformCompleteExample 2022-08-04T19:10:49Z logger.go:66:               - labels                     = null
TestTerraformCompleteExample 2022-08-04T19:10:49Z logger.go:66:               - managedFields              = null
TestTerraformCompleteExample 2022-08-04T19:10:49Z logger.go:66:               - name                       = "my-other-topic"
TestTerraformCompleteExample 2022-08-04T19:10:49Z logger.go:66:               - namespace                  = "confluent"
TestTerraformCompleteExample 2022-08-04T19:10:49Z logger.go:66:               - ownerReferences            = [
TestTerraformCompleteExample 2022-08-04T19:10:49Z logger.go:66:                   - {
TestTerraformCompleteExample 2022-08-04T19:10:49Z logger.go:66:                       - apiVersion         = "platform.confluent.io/v1beta1"
TestTerraformCompleteExample 2022-08-04T19:10:49Z logger.go:66:                       - blockOwnerDeletion = true
TestTerraformCompleteExample 2022-08-04T19:10:49Z logger.go:66:                       - controller         = true
TestTerraformCompleteExample 2022-08-04T19:10:49Z logger.go:66:                       - kind               = "Kafka"
TestTerraformCompleteExample 2022-08-04T19:10:49Z logger.go:66:                       - name               = "kafka"
TestTerraformCompleteExample 2022-08-04T19:10:49Z logger.go:66:                       - uid                = "ff1bc8ac-cd4e-4cdb-ace6-08e4817f4355"
TestTerraformCompleteExample 2022-08-04T19:10:49Z logger.go:66:                     },
TestTerraformCompleteExample 2022-08-04T19:10:49Z logger.go:66:                 ]
TestTerraformCompleteExample 2022-08-04T19:10:49Z logger.go:66:               - resourceVersion            = null
TestTerraformCompleteExample 2022-08-04T19:10:49Z logger.go:66:               - selfLink                   = null
TestTerraformCompleteExample 2022-08-04T19:10:49Z logger.go:66:               - uid                        = null
TestTerraformCompleteExample 2022-08-04T19:10:49Z logger.go:66:             }
TestTerraformCompleteExample 2022-08-04T19:10:49Z logger.go:66:           - spec       = {
TestTerraformCompleteExample 2022-08-04T19:10:49Z logger.go:66:               - configs           = {
TestTerraformCompleteExample 2022-08-04T19:10:49Z logger.go:66:                   - "cleanup.policy" = "compact"
TestTerraformCompleteExample 2022-08-04T19:10:49Z logger.go:66:                 }
TestTerraformCompleteExample 2022-08-04T19:10:49Z logger.go:66:               - kafkaClusterRef   = {
TestTerraformCompleteExample 2022-08-04T19:10:49Z logger.go:66:                   - name      = null
TestTerraformCompleteExample 2022-08-04T19:10:49Z logger.go:66:                   - namespace = null
TestTerraformCompleteExample 2022-08-04T19:10:49Z logger.go:66:                 }
TestTerraformCompleteExample 2022-08-04T19:10:49Z logger.go:66:               - kafkaRest         = {
TestTerraformCompleteExample 2022-08-04T19:10:49Z logger.go:66:                   - authentication = {
TestTerraformCompleteExample 2022-08-04T19:10:49Z logger.go:66:                       - basic  = {
TestTerraformCompleteExample 2022-08-04T19:10:49Z logger.go:66:                           - debug                    = null
TestTerraformCompleteExample 2022-08-04T19:10:49Z logger.go:66:                           - directoryPathInContainer = null
TestTerraformCompleteExample 2022-08-04T19:10:49Z logger.go:66:                           - restrictedRoles          = null
TestTerraformCompleteExample 2022-08-04T19:10:49Z logger.go:66:                           - roles                    = null
TestTerraformCompleteExample 2022-08-04T19:10:49Z logger.go:66:                           - secretRef                = null
TestTerraformCompleteExample 2022-08-04T19:10:49Z logger.go:66:                         }
TestTerraformCompleteExample 2022-08-04T19:10:49Z logger.go:66:                       - bearer = {
TestTerraformCompleteExample 2022-08-04T19:10:49Z logger.go:66:                           - directoryPathInContainer = null
TestTerraformCompleteExample 2022-08-04T19:10:49Z logger.go:66:                           - secretRef                = null
TestTerraformCompleteExample 2022-08-04T19:10:49Z logger.go:66:                         }
TestTerraformCompleteExample 2022-08-04T19:10:49Z logger.go:66:                       - type   = null
TestTerraformCompleteExample 2022-08-04T19:10:49Z logger.go:66:                     }
TestTerraformCompleteExample 2022-08-04T19:10:49Z logger.go:66:                   - endpoint       = null
TestTerraformCompleteExample 2022-08-04T19:10:49Z logger.go:66:                   - kafkaClusterID = null
TestTerraformCompleteExample 2022-08-04T19:10:49Z logger.go:66:                   - tls            = {
TestTerraformCompleteExample 2022-08-04T19:10:49Z logger.go:66:                       - directoryPathInContainer = null
TestTerraformCompleteExample 2022-08-04T19:10:49Z logger.go:66:                       - jksPassword              = {
TestTerraformCompleteExample 2022-08-04T19:10:49Z logger.go:66:                           - secretRef = null
TestTerraformCompleteExample 2022-08-04T19:10:49Z logger.go:66:                         }
TestTerraformCompleteExample 2022-08-04T19:10:49Z logger.go:66:                       - secretRef                = null
TestTerraformCompleteExample 2022-08-04T19:10:49Z logger.go:66:                     }
TestTerraformCompleteExample 2022-08-04T19:10:49Z logger.go:66:                 }
TestTerraformCompleteExample 2022-08-04T19:10:49Z logger.go:66:               - kafkaRestClassRef = {
TestTerraformCompleteExample 2022-08-04T19:10:49Z logger.go:66:                   - name      = null
TestTerraformCompleteExample 2022-08-04T19:10:49Z logger.go:66:                   - namespace = null
TestTerraformCompleteExample 2022-08-04T19:10:49Z logger.go:66:                 }
TestTerraformCompleteExample 2022-08-04T19:10:49Z logger.go:66:               - name              = null
TestTerraformCompleteExample 2022-08-04T19:10:49Z logger.go:66:               - partitionCount    = 3
TestTerraformCompleteExample 2022-08-04T19:10:49Z logger.go:66:               - replicas          = 3
TestTerraformCompleteExample 2022-08-04T19:10:49Z logger.go:66:             }
TestTerraformCompleteExample 2022-08-04T19:10:49Z logger.go:66:         } -> null
TestTerraformCompleteExample 2022-08-04T19:10:49Z logger.go:66:
TestTerraformCompleteExample 2022-08-04T19:10:49Z logger.go:66:       - timeouts {
TestTerraformCompleteExample 2022-08-04T19:10:49Z logger.go:66:           - create = "10m" -> null
TestTerraformCompleteExample 2022-08-04T19:10:49Z logger.go:66:           - delete = "10m" -> null
TestTerraformCompleteExample 2022-08-04T19:10:49Z logger.go:66:           - update = "10m" -> null
TestTerraformCompleteExample 2022-08-04T19:10:49Z logger.go:66:         }
TestTerraformCompleteExample 2022-08-04T19:10:49Z logger.go:66:
TestTerraformCompleteExample 2022-08-04T19:10:49Z logger.go:66:       - wait {
TestTerraformCompleteExample 2022-08-04T19:10:49Z logger.go:66:           - fields = {
TestTerraformCompleteExample 2022-08-04T19:10:49Z logger.go:66:               - "status.state" = "CREATED"
TestTerraformCompleteExample 2022-08-04T19:10:49Z logger.go:66:             } -> null
TestTerraformCompleteExample 2022-08-04T19:10:49Z logger.go:66:         }
TestTerraformCompleteExample 2022-08-04T19:10:49Z logger.go:66:     }
TestTerraformCompleteExample 2022-08-04T19:10:49Z logger.go:66:
TestTerraformCompleteExample 2022-08-04T19:10:49Z logger.go:66:   # module.confluent_platform.module.kafka_topics["pageviews"].kubernetes_manifest.topic will be destroyed
TestTerraformCompleteExample 2022-08-04T19:10:49Z logger.go:66:   - resource "kubernetes_manifest" "topic" {
TestTerraformCompleteExample 2022-08-04T19:10:49Z logger.go:66:       - computed_fields = [
TestTerraformCompleteExample 2022-08-04T19:10:49Z logger.go:66:           - "metadata.finalizers",
TestTerraformCompleteExample 2022-08-04T19:10:49Z logger.go:66:         ] -> null
TestTerraformCompleteExample 2022-08-04T19:10:49Z logger.go:66:       - manifest        = {
TestTerraformCompleteExample 2022-08-04T19:10:49Z logger.go:66:           - apiVersion = "platform.confluent.io/v1beta1"
TestTerraformCompleteExample 2022-08-04T19:10:49Z logger.go:66:           - kind       = "KafkaTopic"
TestTerraformCompleteExample 2022-08-04T19:10:49Z logger.go:66:           - metadata   = {
TestTerraformCompleteExample 2022-08-04T19:10:49Z logger.go:66:               - name      = "pageviews"
TestTerraformCompleteExample 2022-08-04T19:10:49Z logger.go:66:               - namespace = "confluent"
TestTerraformCompleteExample 2022-08-04T19:10:49Z logger.go:66:             }
TestTerraformCompleteExample 2022-08-04T19:10:49Z logger.go:66:           - spec       = {
TestTerraformCompleteExample 2022-08-04T19:10:49Z logger.go:66:               - configs        = {
TestTerraformCompleteExample 2022-08-04T19:10:49Z logger.go:66:                   - "cleanup.policy" = "delete"
TestTerraformCompleteExample 2022-08-04T19:10:49Z logger.go:66:                 }
TestTerraformCompleteExample 2022-08-04T19:10:49Z logger.go:66:               - partitionCount = 3
TestTerraformCompleteExample 2022-08-04T19:10:49Z logger.go:66:               - replicas       = 3
TestTerraformCompleteExample 2022-08-04T19:10:49Z logger.go:66:             }
TestTerraformCompleteExample 2022-08-04T19:10:49Z logger.go:66:         } -> null
TestTerraformCompleteExample 2022-08-04T19:10:49Z logger.go:66:       - object          = {
TestTerraformCompleteExample 2022-08-04T19:10:49Z logger.go:66:           - apiVersion = "platform.confluent.io/v1beta1"
TestTerraformCompleteExample 2022-08-04T19:10:49Z logger.go:66:           - kind       = "KafkaTopic"
TestTerraformCompleteExample 2022-08-04T19:10:49Z logger.go:66:           - metadata   = {
TestTerraformCompleteExample 2022-08-04T19:10:49Z logger.go:66:               - annotations                = {
TestTerraformCompleteExample 2022-08-04T19:10:49Z logger.go:66:                   - "platform.confluent.io/last-spec-hash" = "7i6/qOJHLetfg5ZGkh0Cl1rS/27WOe+EQCiKKuet8rE="
TestTerraformCompleteExample 2022-08-04T19:10:49Z logger.go:66:                 }
TestTerraformCompleteExample 2022-08-04T19:10:49Z logger.go:66:               - clusterName                = null
TestTerraformCompleteExample 2022-08-04T19:10:49Z logger.go:66:               - creationTimestamp          = null
TestTerraformCompleteExample 2022-08-04T19:10:49Z logger.go:66:               - deletionGracePeriodSeconds = null
TestTerraformCompleteExample 2022-08-04T19:10:49Z logger.go:66:               - deletionTimestamp          = null
TestTerraformCompleteExample 2022-08-04T19:10:49Z logger.go:66:               - finalizers                 = [
TestTerraformCompleteExample 2022-08-04T19:10:49Z logger.go:66:                   - "kafkatopic.finalizers.platform.confluent.io",
TestTerraformCompleteExample 2022-08-04T19:10:49Z logger.go:66:                 ]
TestTerraformCompleteExample 2022-08-04T19:10:49Z logger.go:66:               - generateName               = null
TestTerraformCompleteExample 2022-08-04T19:10:49Z logger.go:66:               - generation                 = null
TestTerraformCompleteExample 2022-08-04T19:10:49Z logger.go:66:               - labels                     = null
TestTerraformCompleteExample 2022-08-04T19:10:49Z logger.go:66:               - managedFields              = null
TestTerraformCompleteExample 2022-08-04T19:10:49Z logger.go:66:               - name                       = "pageviews"
TestTerraformCompleteExample 2022-08-04T19:10:49Z logger.go:66:               - namespace                  = "confluent"
TestTerraformCompleteExample 2022-08-04T19:10:49Z logger.go:66:               - ownerReferences            = [
TestTerraformCompleteExample 2022-08-04T19:10:49Z logger.go:66:                   - {
TestTerraformCompleteExample 2022-08-04T19:10:49Z logger.go:66:                       - apiVersion         = "platform.confluent.io/v1beta1"
TestTerraformCompleteExample 2022-08-04T19:10:49Z logger.go:66:                       - blockOwnerDeletion = true
TestTerraformCompleteExample 2022-08-04T19:10:49Z logger.go:66:                       - controller         = true
TestTerraformCompleteExample 2022-08-04T19:10:49Z logger.go:66:                       - kind               = "Kafka"
TestTerraformCompleteExample 2022-08-04T19:10:49Z logger.go:66:                       - name               = "kafka"
TestTerraformCompleteExample 2022-08-04T19:10:49Z logger.go:66:                       - uid                = "ff1bc8ac-cd4e-4cdb-ace6-08e4817f4355"
TestTerraformCompleteExample 2022-08-04T19:10:49Z logger.go:66:                     },
TestTerraformCompleteExample 2022-08-04T19:10:49Z logger.go:66:                 ]
TestTerraformCompleteExample 2022-08-04T19:10:49Z logger.go:66:               - resourceVersion            = null
TestTerraformCompleteExample 2022-08-04T19:10:49Z logger.go:66:               - selfLink                   = null
TestTerraformCompleteExample 2022-08-04T19:10:49Z logger.go:66:               - uid                        = null
TestTerraformCompleteExample 2022-08-04T19:10:49Z logger.go:66:             }
TestTerraformCompleteExample 2022-08-04T19:10:49Z logger.go:66:           - spec       = {
TestTerraformCompleteExample 2022-08-04T19:10:49Z logger.go:66:               - configs           = {
TestTerraformCompleteExample 2022-08-04T19:10:49Z logger.go:66:                   - "cleanup.policy" = "delete"
TestTerraformCompleteExample 2022-08-04T19:10:49Z logger.go:66:                 }
TestTerraformCompleteExample 2022-08-04T19:10:49Z logger.go:66:               - kafkaClusterRef   = {
TestTerraformCompleteExample 2022-08-04T19:10:49Z logger.go:66:                   - name      = null
TestTerraformCompleteExample 2022-08-04T19:10:49Z logger.go:66:                   - namespace = null
TestTerraformCompleteExample 2022-08-04T19:10:49Z logger.go:66:                 }
TestTerraformCompleteExample 2022-08-04T19:10:49Z logger.go:66:               - kafkaRest         = {
TestTerraformCompleteExample 2022-08-04T19:10:49Z logger.go:66:                   - authentication = {
TestTerraformCompleteExample 2022-08-04T19:10:49Z logger.go:66:                       - basic  = {
TestTerraformCompleteExample 2022-08-04T19:10:49Z logger.go:66:                           - debug                    = null
TestTerraformCompleteExample 2022-08-04T19:10:49Z logger.go:66:                           - directoryPathInContainer = null
TestTerraformCompleteExample 2022-08-04T19:10:49Z logger.go:66:                           - restrictedRoles          = null
TestTerraformCompleteExample 2022-08-04T19:10:49Z logger.go:66:                           - roles                    = null
TestTerraformCompleteExample 2022-08-04T19:10:49Z logger.go:66:                           - secretRef                = null
TestTerraformCompleteExample 2022-08-04T19:10:49Z logger.go:66:                         }
TestTerraformCompleteExample 2022-08-04T19:10:49Z logger.go:66:                       - bearer = {
TestTerraformCompleteExample 2022-08-04T19:10:49Z logger.go:66:                           - directoryPathInContainer = null
TestTerraformCompleteExample 2022-08-04T19:10:49Z logger.go:66:                           - secretRef                = null
TestTerraformCompleteExample 2022-08-04T19:10:49Z logger.go:66:                         }
TestTerraformCompleteExample 2022-08-04T19:10:49Z logger.go:66:                       - type   = null
TestTerraformCompleteExample 2022-08-04T19:10:49Z logger.go:66:                     }
TestTerraformCompleteExample 2022-08-04T19:10:49Z logger.go:66:                   - endpoint       = null
TestTerraformCompleteExample 2022-08-04T19:10:49Z logger.go:66:                   - kafkaClusterID = null
TestTerraformCompleteExample 2022-08-04T19:10:49Z logger.go:66:                   - tls            = {
TestTerraformCompleteExample 2022-08-04T19:10:49Z logger.go:66:                       - directoryPathInContainer = null
TestTerraformCompleteExample 2022-08-04T19:10:49Z logger.go:66:                       - jksPassword              = {
TestTerraformCompleteExample 2022-08-04T19:10:49Z logger.go:66:                           - secretRef = null
TestTerraformCompleteExample 2022-08-04T19:10:49Z logger.go:66:                         }
TestTerraformCompleteExample 2022-08-04T19:10:49Z logger.go:66:                       - secretRef                = null
TestTerraformCompleteExample 2022-08-04T19:10:49Z logger.go:66:                     }
TestTerraformCompleteExample 2022-08-04T19:10:49Z logger.go:66:                 }
TestTerraformCompleteExample 2022-08-04T19:10:49Z logger.go:66:               - kafkaRestClassRef = {
TestTerraformCompleteExample 2022-08-04T19:10:49Z logger.go:66:                   - name      = null
TestTerraformCompleteExample 2022-08-04T19:10:49Z logger.go:66:                   - namespace = null
TestTerraformCompleteExample 2022-08-04T19:10:49Z logger.go:66:                 }
TestTerraformCompleteExample 2022-08-04T19:10:49Z logger.go:66:               - name              = null
TestTerraformCompleteExample 2022-08-04T19:10:49Z logger.go:66:               - partitionCount    = 3
TestTerraformCompleteExample 2022-08-04T19:10:49Z logger.go:66:               - replicas          = 3
TestTerraformCompleteExample 2022-08-04T19:10:49Z logger.go:66:             }
TestTerraformCompleteExample 2022-08-04T19:10:49Z logger.go:66:         } -> null
TestTerraformCompleteExample 2022-08-04T19:10:49Z logger.go:66:
TestTerraformCompleteExample 2022-08-04T19:10:49Z logger.go:66:       - timeouts {
TestTerraformCompleteExample 2022-08-04T19:10:49Z logger.go:66:           - create = "10m" -> null
TestTerraformCompleteExample 2022-08-04T19:10:49Z logger.go:66:           - delete = "10m" -> null
TestTerraformCompleteExample 2022-08-04T19:10:49Z logger.go:66:           - update = "10m" -> null
TestTerraformCompleteExample 2022-08-04T19:10:49Z logger.go:66:         }
TestTerraformCompleteExample 2022-08-04T19:10:49Z logger.go:66:
TestTerraformCompleteExample 2022-08-04T19:10:49Z logger.go:66:       - wait {
TestTerraformCompleteExample 2022-08-04T19:10:49Z logger.go:66:           - fields = {
TestTerraformCompleteExample 2022-08-04T19:10:49Z logger.go:66:               - "status.state" = "CREATED"
TestTerraformCompleteExample 2022-08-04T19:10:49Z logger.go:66:             } -> null
TestTerraformCompleteExample 2022-08-04T19:10:49Z logger.go:66:         }
TestTerraformCompleteExample 2022-08-04T19:10:49Z logger.go:66:     }
TestTerraformCompleteExample 2022-08-04T19:10:49Z logger.go:66:
TestTerraformCompleteExample 2022-08-04T19:10:49Z logger.go:66:   # module.confluent_platform.module.schemas["pageviews-value"].kubernetes_config_map_v1.schema_config will be destroyed
TestTerraformCompleteExample 2022-08-04T19:10:49Z logger.go:66:   - resource "kubernetes_config_map_v1" "schema_config" {
TestTerraformCompleteExample 2022-08-04T19:10:49Z logger.go:66:       - binary_data = {} -> null
TestTerraformCompleteExample 2022-08-04T19:10:49Z logger.go:66:       - data        = {
TestTerraformCompleteExample 2022-08-04T19:10:49Z logger.go:66:           - "schema" = jsonencode(
TestTerraformCompleteExample 2022-08-04T19:10:49Z logger.go:66:                 {
TestTerraformCompleteExample 2022-08-04T19:10:49Z logger.go:66:                   - "connect.name" = "ksql.pageviews"
TestTerraformCompleteExample 2022-08-04T19:10:49Z logger.go:66:                   - fields         = [
TestTerraformCompleteExample 2022-08-04T19:10:49Z logger.go:66:                       - {
TestTerraformCompleteExample 2022-08-04T19:10:49Z logger.go:66:                           - name = "viewtime"
TestTerraformCompleteExample 2022-08-04T19:10:49Z logger.go:66:                           - type = "long"
TestTerraformCompleteExample 2022-08-04T19:10:49Z logger.go:66:                         },
TestTerraformCompleteExample 2022-08-04T19:10:49Z logger.go:66:                       - {
TestTerraformCompleteExample 2022-08-04T19:10:49Z logger.go:66:                           - name = "userid"
TestTerraformCompleteExample 2022-08-04T19:10:49Z logger.go:66:                           - type = "string"
TestTerraformCompleteExample 2022-08-04T19:10:49Z logger.go:66:                         },
TestTerraformCompleteExample 2022-08-04T19:10:49Z logger.go:66:                       - {
TestTerraformCompleteExample 2022-08-04T19:10:49Z logger.go:66:                           - name = "pageid"
TestTerraformCompleteExample 2022-08-04T19:10:49Z logger.go:66:                           - type = "string"
TestTerraformCompleteExample 2022-08-04T19:10:49Z logger.go:66:                         },
TestTerraformCompleteExample 2022-08-04T19:10:49Z logger.go:66:                     ]
TestTerraformCompleteExample 2022-08-04T19:10:49Z logger.go:66:                   - name           = "pageviews"
TestTerraformCompleteExample 2022-08-04T19:10:49Z logger.go:66:                   - namespace      = "ksql"
TestTerraformCompleteExample 2022-08-04T19:10:49Z logger.go:66:                   - type           = "record"
TestTerraformCompleteExample 2022-08-04T19:10:49Z logger.go:66:                 }
TestTerraformCompleteExample 2022-08-04T19:10:49Z logger.go:66:             )
TestTerraformCompleteExample 2022-08-04T19:10:49Z logger.go:66:         } -> null
TestTerraformCompleteExample 2022-08-04T19:10:49Z logger.go:66:       - id          = "confluent/pageviews-value-config" -> null
TestTerraformCompleteExample 2022-08-04T19:10:49Z logger.go:66:
TestTerraformCompleteExample 2022-08-04T19:10:49Z logger.go:66:       - metadata {
TestTerraformCompleteExample 2022-08-04T19:10:49Z logger.go:66:           - annotations      = {} -> null
TestTerraformCompleteExample 2022-08-04T19:10:49Z logger.go:66:           - generation       = 0 -> null
TestTerraformCompleteExample 2022-08-04T19:10:49Z logger.go:66:           - labels           = {} -> null
TestTerraformCompleteExample 2022-08-04T19:10:49Z logger.go:66:           - name             = "pageviews-value-config" -> null
TestTerraformCompleteExample 2022-08-04T19:10:49Z logger.go:66:           - namespace        = "confluent" -> null
TestTerraformCompleteExample 2022-08-04T19:10:49Z logger.go:66:           - resource_version = "73261" -> null
TestTerraformCompleteExample 2022-08-04T19:10:49Z logger.go:66:           - uid              = "8a1192cc-f4ae-42ef-a945-bf121f25156e" -> null
TestTerraformCompleteExample 2022-08-04T19:10:49Z logger.go:66:         }
TestTerraformCompleteExample 2022-08-04T19:10:49Z logger.go:66:     }
TestTerraformCompleteExample 2022-08-04T19:10:49Z logger.go:66:
TestTerraformCompleteExample 2022-08-04T19:10:49Z logger.go:66:   # module.confluent_platform.module.schemas["pageviews-value"].kubernetes_manifest.schema will be destroyed
TestTerraformCompleteExample 2022-08-04T19:10:49Z logger.go:66:   - resource "kubernetes_manifest" "schema" {
TestTerraformCompleteExample 2022-08-04T19:10:49Z logger.go:66:       - computed_fields = [
TestTerraformCompleteExample 2022-08-04T19:10:49Z logger.go:66:           - "metadata.finalizers",
TestTerraformCompleteExample 2022-08-04T19:10:49Z logger.go:66:         ] -> null
TestTerraformCompleteExample 2022-08-04T19:10:49Z logger.go:66:       - manifest        = {
TestTerraformCompleteExample 2022-08-04T19:10:49Z logger.go:66:           - apiVersion = "platform.confluent.io/v1beta1"
TestTerraformCompleteExample 2022-08-04T19:10:49Z logger.go:66:           - kind       = "Schema"
TestTerraformCompleteExample 2022-08-04T19:10:49Z logger.go:66:           - metadata   = {
TestTerraformCompleteExample 2022-08-04T19:10:49Z logger.go:66:               - name      = "pageviews-value"
TestTerraformCompleteExample 2022-08-04T19:10:49Z logger.go:66:               - namespace = "confluent"
TestTerraformCompleteExample 2022-08-04T19:10:49Z logger.go:66:             }
TestTerraformCompleteExample 2022-08-04T19:10:49Z logger.go:66:           - spec       = {
TestTerraformCompleteExample 2022-08-04T19:10:49Z logger.go:66:               - data = {
TestTerraformCompleteExample 2022-08-04T19:10:49Z logger.go:66:                   - configRef = "pageviews-value-config"
TestTerraformCompleteExample 2022-08-04T19:10:49Z logger.go:66:                   - format    = "avro"
TestTerraformCompleteExample 2022-08-04T19:10:49Z logger.go:66:                 }
TestTerraformCompleteExample 2022-08-04T19:10:49Z logger.go:66:             }
TestTerraformCompleteExample 2022-08-04T19:10:49Z logger.go:66:         } -> null
TestTerraformCompleteExample 2022-08-04T19:10:49Z logger.go:66:       - object          = {
TestTerraformCompleteExample 2022-08-04T19:10:49Z logger.go:66:           - apiVersion = "platform.confluent.io/v1beta1"
TestTerraformCompleteExample 2022-08-04T19:10:49Z logger.go:66:           - kind       = "Schema"
TestTerraformCompleteExample 2022-08-04T19:10:49Z logger.go:66:           - metadata   = {
TestTerraformCompleteExample 2022-08-04T19:10:49Z logger.go:66:               - annotations                = {
TestTerraformCompleteExample 2022-08-04T19:10:49Z logger.go:66:                   - "platform.confluent.io/config-revision-hash" = "756cd5k67c"
TestTerraformCompleteExample 2022-08-04T19:10:49Z logger.go:66:                 }
TestTerraformCompleteExample 2022-08-04T19:10:49Z logger.go:66:               - clusterName                = null
TestTerraformCompleteExample 2022-08-04T19:10:49Z logger.go:66:               - creationTimestamp          = null
TestTerraformCompleteExample 2022-08-04T19:10:49Z logger.go:66:               - deletionGracePeriodSeconds = null
TestTerraformCompleteExample 2022-08-04T19:10:49Z logger.go:66:               - deletionTimestamp          = null
TestTerraformCompleteExample 2022-08-04T19:10:49Z logger.go:66:               - finalizers                 = [
TestTerraformCompleteExample 2022-08-04T19:10:49Z logger.go:66:                   - "schema.finalizers.platform.confluent.io",
TestTerraformCompleteExample 2022-08-04T19:10:49Z logger.go:66:                 ]
TestTerraformCompleteExample 2022-08-04T19:10:49Z logger.go:66:               - generateName               = null
TestTerraformCompleteExample 2022-08-04T19:10:49Z logger.go:66:               - generation                 = null
TestTerraformCompleteExample 2022-08-04T19:10:49Z logger.go:66:               - labels                     = null
TestTerraformCompleteExample 2022-08-04T19:10:49Z logger.go:66:               - managedFields              = null
TestTerraformCompleteExample 2022-08-04T19:10:49Z logger.go:66:               - name                       = "pageviews-value"
TestTerraformCompleteExample 2022-08-04T19:10:49Z logger.go:66:               - namespace                  = "confluent"
TestTerraformCompleteExample 2022-08-04T19:10:49Z logger.go:66:               - ownerReferences            = [
TestTerraformCompleteExample 2022-08-04T19:10:49Z logger.go:66:                   - {
TestTerraformCompleteExample 2022-08-04T19:10:49Z logger.go:66:                       - apiVersion         = "platform.confluent.io/v1beta1"
TestTerraformCompleteExample 2022-08-04T19:10:49Z logger.go:66:                       - blockOwnerDeletion = true
TestTerraformCompleteExample 2022-08-04T19:10:49Z logger.go:66:                       - controller         = true
TestTerraformCompleteExample 2022-08-04T19:10:49Z logger.go:66:                       - kind               = "SchemaRegistry"
TestTerraformCompleteExample 2022-08-04T19:10:49Z logger.go:66:                       - name               = "schemaregistry"
TestTerraformCompleteExample 2022-08-04T19:10:49Z logger.go:66:                       - uid                = "bc573e71-af5c-49b9-8622-37225b5839ba"
TestTerraformCompleteExample 2022-08-04T19:10:49Z logger.go:66:                     },
TestTerraformCompleteExample 2022-08-04T19:10:49Z logger.go:66:                 ]
TestTerraformCompleteExample 2022-08-04T19:10:49Z logger.go:66:               - resourceVersion            = null
TestTerraformCompleteExample 2022-08-04T19:10:49Z logger.go:66:               - selfLink                   = null
TestTerraformCompleteExample 2022-08-04T19:10:49Z logger.go:66:               - uid                        = null
TestTerraformCompleteExample 2022-08-04T19:10:49Z logger.go:66:             }
TestTerraformCompleteExample 2022-08-04T19:10:49Z logger.go:66:           - spec       = {
TestTerraformCompleteExample 2022-08-04T19:10:49Z logger.go:66:               - compatibilityLevel       = null
TestTerraformCompleteExample 2022-08-04T19:10:49Z logger.go:66:               - data                     = {
TestTerraformCompleteExample 2022-08-04T19:10:49Z logger.go:66:                   - configRef = "pageviews-value-config"
TestTerraformCompleteExample 2022-08-04T19:10:49Z logger.go:66:                   - format    = "avro"
TestTerraformCompleteExample 2022-08-04T19:10:49Z logger.go:66:                 }
TestTerraformCompleteExample 2022-08-04T19:10:49Z logger.go:66:               - name                     = null
TestTerraformCompleteExample 2022-08-04T19:10:49Z logger.go:66:               - schemaReferences         = null
TestTerraformCompleteExample 2022-08-04T19:10:49Z logger.go:66:               - schemaRegistryClusterRef = {
TestTerraformCompleteExample 2022-08-04T19:10:49Z logger.go:66:                   - name      = null
TestTerraformCompleteExample 2022-08-04T19:10:49Z logger.go:66:                   - namespace = null
TestTerraformCompleteExample 2022-08-04T19:10:49Z logger.go:66:                 }
TestTerraformCompleteExample 2022-08-04T19:10:49Z logger.go:66:               - schemaRegistryRest       = {
TestTerraformCompleteExample 2022-08-04T19:10:49Z logger.go:66:                   - authentication = {
TestTerraformCompleteExample 2022-08-04T19:10:49Z logger.go:66:                       - basic  = {
TestTerraformCompleteExample 2022-08-04T19:10:49Z logger.go:66:                           - debug                    = null
TestTerraformCompleteExample 2022-08-04T19:10:49Z logger.go:66:                           - directoryPathInContainer = null
TestTerraformCompleteExample 2022-08-04T19:10:49Z logger.go:66:                           - restrictedRoles          = null
TestTerraformCompleteExample 2022-08-04T19:10:49Z logger.go:66:                           - roles                    = null
TestTerraformCompleteExample 2022-08-04T19:10:49Z logger.go:66:                           - secretRef                = null
TestTerraformCompleteExample 2022-08-04T19:10:49Z logger.go:66:                         }
TestTerraformCompleteExample 2022-08-04T19:10:49Z logger.go:66:                       - bearer = {
TestTerraformCompleteExample 2022-08-04T19:10:49Z logger.go:66:                           - directoryPathInContainer = null
TestTerraformCompleteExample 2022-08-04T19:10:49Z logger.go:66:                           - secretRef                = null
TestTerraformCompleteExample 2022-08-04T19:10:49Z logger.go:66:                         }
TestTerraformCompleteExample 2022-08-04T19:10:49Z logger.go:66:                       - type   = null
TestTerraformCompleteExample 2022-08-04T19:10:49Z logger.go:66:                     }
TestTerraformCompleteExample 2022-08-04T19:10:49Z logger.go:66:                   - endpoint       = null
TestTerraformCompleteExample 2022-08-04T19:10:49Z logger.go:66:                   - kafkaClusterID = null
TestTerraformCompleteExample 2022-08-04T19:10:49Z logger.go:66:                   - tls            = {
TestTerraformCompleteExample 2022-08-04T19:10:49Z logger.go:66:                       - directoryPathInContainer = null
TestTerraformCompleteExample 2022-08-04T19:10:49Z logger.go:66:                       - jksPassword              = {
TestTerraformCompleteExample 2022-08-04T19:10:49Z logger.go:66:                           - secretRef = null
TestTerraformCompleteExample 2022-08-04T19:10:49Z logger.go:66:                         }
TestTerraformCompleteExample 2022-08-04T19:10:49Z logger.go:66:                       - secretRef                = null
TestTerraformCompleteExample 2022-08-04T19:10:49Z logger.go:66:                     }
TestTerraformCompleteExample 2022-08-04T19:10:49Z logger.go:66:                 }
TestTerraformCompleteExample 2022-08-04T19:10:49Z logger.go:66:             }
TestTerraformCompleteExample 2022-08-04T19:10:49Z logger.go:66:         } -> null
TestTerraformCompleteExample 2022-08-04T19:10:49Z logger.go:66:
TestTerraformCompleteExample 2022-08-04T19:10:49Z logger.go:66:       - timeouts {
TestTerraformCompleteExample 2022-08-04T19:10:49Z logger.go:66:           - create = "10m" -> null
TestTerraformCompleteExample 2022-08-04T19:10:49Z logger.go:66:           - delete = "10m" -> null
TestTerraformCompleteExample 2022-08-04T19:10:49Z logger.go:66:           - update = "10m" -> null
TestTerraformCompleteExample 2022-08-04T19:10:49Z logger.go:66:         }
TestTerraformCompleteExample 2022-08-04T19:10:49Z logger.go:66:
TestTerraformCompleteExample 2022-08-04T19:10:49Z logger.go:66:       - wait {
TestTerraformCompleteExample 2022-08-04T19:10:49Z logger.go:66:           - fields = {
TestTerraformCompleteExample 2022-08-04T19:10:49Z logger.go:66:               - "status.state" = "SUCCEEDED"
TestTerraformCompleteExample 2022-08-04T19:10:49Z logger.go:66:             } -> null
TestTerraformCompleteExample 2022-08-04T19:10:49Z logger.go:66:         }
TestTerraformCompleteExample 2022-08-04T19:10:49Z logger.go:66:     }
TestTerraformCompleteExample 2022-08-04T19:10:49Z logger.go:66:
TestTerraformCompleteExample 2022-08-04T19:10:49Z logger.go:66: Plan: 0 to add, 0 to change, 11 to destroy.
TestTerraformCompleteExample 2022-08-04T19:10:49Z logger.go:66:
TestTerraformCompleteExample 2022-08-04T19:10:49Z logger.go:66: Changes to Outputs:
TestTerraformCompleteExample 2022-08-04T19:10:49Z logger.go:66:   - confluent_operator       = {
TestTerraformCompleteExample 2022-08-04T19:10:49Z logger.go:66:       - app_version   = "2.4.0"
TestTerraformCompleteExample 2022-08-04T19:10:49Z logger.go:66:       - chart_version = "0.517.12"
TestTerraformCompleteExample 2022-08-04T19:10:49Z logger.go:66:       - namespace     = "confluent"
TestTerraformCompleteExample 2022-08-04T19:10:49Z logger.go:66:     } -> null
TestTerraformCompleteExample 2022-08-04T19:10:49Z logger.go:66:   - connect_manifest         = {
TestTerraformCompleteExample 2022-08-04T19:10:49Z logger.go:66:       - apiVersion = "platform.confluent.io/v1beta1"
TestTerraformCompleteExample 2022-08-04T19:10:49Z logger.go:66:       - kind       = "Connect"
TestTerraformCompleteExample 2022-08-04T19:10:49Z logger.go:66:       - metadata   = {
TestTerraformCompleteExample 2022-08-04T19:10:49Z logger.go:66:           - name      = "connect"
TestTerraformCompleteExample 2022-08-04T19:10:49Z logger.go:66:           - namespace = "confluent"
TestTerraformCompleteExample 2022-08-04T19:10:49Z logger.go:66:         }
TestTerraformCompleteExample 2022-08-04T19:10:49Z logger.go:66:       - spec       = {
TestTerraformCompleteExample 2022-08-04T19:10:49Z logger.go:66:           - build        = {
TestTerraformCompleteExample 2022-08-04T19:10:49Z logger.go:66:               - onDemand = {
TestTerraformCompleteExample 2022-08-04T19:10:49Z logger.go:66:                   - plugins = {
TestTerraformCompleteExample 2022-08-04T19:10:49Z logger.go:66:                       - confluentHub = [
TestTerraformCompleteExample 2022-08-04T19:10:49Z logger.go:66:                           - {
TestTerraformCompleteExample 2022-08-04T19:10:49Z logger.go:66:                               - name    = "kafka-connect-datagen"
TestTerraformCompleteExample 2022-08-04T19:10:49Z logger.go:66:                               - owner   = "confluentinc"
TestTerraformCompleteExample 2022-08-04T19:10:49Z logger.go:66:                               - version = "0.5.2"
TestTerraformCompleteExample 2022-08-04T19:10:49Z logger.go:66:                             },
TestTerraformCompleteExample 2022-08-04T19:10:49Z logger.go:66:                         ]
TestTerraformCompleteExample 2022-08-04T19:10:49Z logger.go:66:                       - locationType = "confluentHub"
TestTerraformCompleteExample 2022-08-04T19:10:49Z logger.go:66:                     }
TestTerraformCompleteExample 2022-08-04T19:10:49Z logger.go:66:                 }
TestTerraformCompleteExample 2022-08-04T19:10:49Z logger.go:66:               - type     = "onDemand"
TestTerraformCompleteExample 2022-08-04T19:10:49Z logger.go:66:             }
TestTerraformCompleteExample 2022-08-04T19:10:49Z logger.go:66:           - dependencies = {
TestTerraformCompleteExample 2022-08-04T19:10:49Z logger.go:66:               - kafka = {
TestTerraformCompleteExample 2022-08-04T19:10:49Z logger.go:66:                   - bootstrapEndpoint = "kafka:9071"
TestTerraformCompleteExample 2022-08-04T19:10:49Z logger.go:66:                 }
TestTerraformCompleteExample 2022-08-04T19:10:49Z logger.go:66:             }
TestTerraformCompleteExample 2022-08-04T19:10:49Z logger.go:66:           - image        = {
TestTerraformCompleteExample 2022-08-04T19:10:49Z logger.go:66:               - application = "confluentinc/cp-server-connect:7.2.0"
TestTerraformCompleteExample 2022-08-04T19:10:49Z logger.go:66:               - init        = "confluentinc/confluent-init-container:2.4.0"
TestTerraformCompleteExample 2022-08-04T19:10:49Z logger.go:66:             }
TestTerraformCompleteExample 2022-08-04T19:10:49Z logger.go:66:           - replicas     = 1
TestTerraformCompleteExample 2022-08-04T19:10:49Z logger.go:66:         }
TestTerraformCompleteExample 2022-08-04T19:10:49Z logger.go:66:     } -> null
TestTerraformCompleteExample 2022-08-04T19:10:49Z logger.go:66:   - connect_object_spec      = {
TestTerraformCompleteExample 2022-08-04T19:10:49Z logger.go:66:       - authentication                 = {
TestTerraformCompleteExample 2022-08-04T19:10:49Z logger.go:66:           - basic = {
TestTerraformCompleteExample 2022-08-04T19:10:49Z logger.go:66:               - debug                    = null
TestTerraformCompleteExample 2022-08-04T19:10:49Z logger.go:66:               - directoryPathInContainer = null
TestTerraformCompleteExample 2022-08-04T19:10:49Z logger.go:66:               - restrictedRoles          = null
TestTerraformCompleteExample 2022-08-04T19:10:49Z logger.go:66:               - roles                    = null
TestTerraformCompleteExample 2022-08-04T19:10:49Z logger.go:66:               - secretRef                = null
TestTerraformCompleteExample 2022-08-04T19:10:49Z logger.go:66:             }
TestTerraformCompleteExample 2022-08-04T19:10:49Z logger.go:66:           - type  = null
TestTerraformCompleteExample 2022-08-04T19:10:49Z logger.go:66:         }
TestTerraformCompleteExample 2022-08-04T19:10:49Z logger.go:66:       - authorization                  = {
TestTerraformCompleteExample 2022-08-04T19:10:49Z logger.go:66:           - kafkaRestClassRef = {
TestTerraformCompleteExample 2022-08-04T19:10:49Z logger.go:66:               - name      = null
TestTerraformCompleteExample 2022-08-04T19:10:49Z logger.go:66:               - namespace = null
TestTerraformCompleteExample 2022-08-04T19:10:49Z logger.go:66:             }
TestTerraformCompleteExample 2022-08-04T19:10:49Z logger.go:66:           - type              = null
TestTerraformCompleteExample 2022-08-04T19:10:49Z logger.go:66:         }
TestTerraformCompleteExample 2022-08-04T19:10:49Z logger.go:66:       - build                          = {
TestTerraformCompleteExample 2022-08-04T19:10:49Z logger.go:66:           - onDemand = {
TestTerraformCompleteExample 2022-08-04T19:10:49Z logger.go:66:               - plugins      = {
TestTerraformCompleteExample 2022-08-04T19:10:49Z logger.go:66:                   - confluentHub = [
TestTerraformCompleteExample 2022-08-04T19:10:49Z logger.go:66:                       - {
TestTerraformCompleteExample 2022-08-04T19:10:49Z logger.go:66:                           - name    = "kafka-connect-datagen"
TestTerraformCompleteExample 2022-08-04T19:10:49Z logger.go:66:                           - owner   = "confluentinc"
TestTerraformCompleteExample 2022-08-04T19:10:49Z logger.go:66:                           - version = "0.5.2"
TestTerraformCompleteExample 2022-08-04T19:10:49Z logger.go:66:                         },
TestTerraformCompleteExample 2022-08-04T19:10:49Z logger.go:66:                     ]
TestTerraformCompleteExample 2022-08-04T19:10:49Z logger.go:66:                   - locationType = "confluentHub"
TestTerraformCompleteExample 2022-08-04T19:10:49Z logger.go:66:                   - url          = null
TestTerraformCompleteExample 2022-08-04T19:10:49Z logger.go:66:                 }
TestTerraformCompleteExample 2022-08-04T19:10:49Z logger.go:66:               - storageLimit = null
TestTerraformCompleteExample 2022-08-04T19:10:49Z logger.go:66:             }
TestTerraformCompleteExample 2022-08-04T19:10:49Z logger.go:66:           - type     = "onDemand"
TestTerraformCompleteExample 2022-08-04T19:10:49Z logger.go:66:         }
TestTerraformCompleteExample 2022-08-04T19:10:49Z logger.go:66:       - configOverrides                = {
TestTerraformCompleteExample 2022-08-04T19:10:49Z logger.go:66:           - jvm    = null
TestTerraformCompleteExample 2022-08-04T19:10:49Z logger.go:66:           - log4j  = null
TestTerraformCompleteExample 2022-08-04T19:10:49Z logger.go:66:           - server = null
TestTerraformCompleteExample 2022-08-04T19:10:49Z logger.go:66:         }
TestTerraformCompleteExample 2022-08-04T19:10:49Z logger.go:66:       - connectorOverridePolicy        = null
TestTerraformCompleteExample 2022-08-04T19:10:49Z logger.go:66:       - connectorTLSCerts              = null
TestTerraformCompleteExample 2022-08-04T19:10:49Z logger.go:66:       - dependencies                   = {
TestTerraformCompleteExample 2022-08-04T19:10:49Z logger.go:66:           - admin          = {
TestTerraformCompleteExample 2022-08-04T19:10:49Z logger.go:66:               - authentication    = {
TestTerraformCompleteExample 2022-08-04T19:10:49Z logger.go:66:                   - jaasConfig            = {
TestTerraformCompleteExample 2022-08-04T19:10:49Z logger.go:66:                       - secretRef = null
TestTerraformCompleteExample 2022-08-04T19:10:49Z logger.go:66:                     }
TestTerraformCompleteExample 2022-08-04T19:10:49Z logger.go:66:                   - jaasConfigPassThrough = {
TestTerraformCompleteExample 2022-08-04T19:10:49Z logger.go:66:                       - directoryPathInContainer = null
TestTerraformCompleteExample 2022-08-04T19:10:49Z logger.go:66:                       - secretRef                = null
TestTerraformCompleteExample 2022-08-04T19:10:49Z logger.go:66:                     }
TestTerraformCompleteExample 2022-08-04T19:10:49Z logger.go:66:                   - oauthbearer           = {
TestTerraformCompleteExample 2022-08-04T19:10:49Z logger.go:66:                       - directoryPathInContainer = null
TestTerraformCompleteExample 2022-08-04T19:10:49Z logger.go:66:                       - secretRef                = null
TestTerraformCompleteExample 2022-08-04T19:10:49Z logger.go:66:                     }
TestTerraformCompleteExample 2022-08-04T19:10:49Z logger.go:66:                   - type                  = null
TestTerraformCompleteExample 2022-08-04T19:10:49Z logger.go:66:                 }
TestTerraformCompleteExample 2022-08-04T19:10:49Z logger.go:66:               - bootstrapEndpoint = null
TestTerraformCompleteExample 2022-08-04T19:10:49Z logger.go:66:               - discovery         = {
TestTerraformCompleteExample 2022-08-04T19:10:49Z logger.go:66:                   - name      = null
TestTerraformCompleteExample 2022-08-04T19:10:49Z logger.go:66:                   - namespace = null
TestTerraformCompleteExample 2022-08-04T19:10:49Z logger.go:66:                   - secretRef = null
TestTerraformCompleteExample 2022-08-04T19:10:49Z logger.go:66:                 }
TestTerraformCompleteExample 2022-08-04T19:10:49Z logger.go:66:               - tls               = {
TestTerraformCompleteExample 2022-08-04T19:10:49Z logger.go:66:                   - directoryPathInContainer = null
TestTerraformCompleteExample 2022-08-04T19:10:49Z logger.go:66:                   - enabled                  = null
TestTerraformCompleteExample 2022-08-04T19:10:49Z logger.go:66:                   - ignoreTrustStoreConfig   = null
TestTerraformCompleteExample 2022-08-04T19:10:49Z logger.go:66:                   - jksPassword              = {
TestTerraformCompleteExample 2022-08-04T19:10:49Z logger.go:66:                       - secretRef = null
TestTerraformCompleteExample 2022-08-04T19:10:49Z logger.go:66:                     }
TestTerraformCompleteExample 2022-08-04T19:10:49Z logger.go:66:                   - secretRef                = null
TestTerraformCompleteExample 2022-08-04T19:10:49Z logger.go:66:                 }
TestTerraformCompleteExample 2022-08-04T19:10:49Z logger.go:66:             }
TestTerraformCompleteExample 2022-08-04T19:10:49Z logger.go:66:           - consumer       = {
TestTerraformCompleteExample 2022-08-04T19:10:49Z logger.go:66:               - authentication    = {
TestTerraformCompleteExample 2022-08-04T19:10:49Z logger.go:66:                   - jaasConfig            = {
TestTerraformCompleteExample 2022-08-04T19:10:49Z logger.go:66:                       - secretRef = null
TestTerraformCompleteExample 2022-08-04T19:10:49Z logger.go:66:                     }
TestTerraformCompleteExample 2022-08-04T19:10:49Z logger.go:66:                   - jaasConfigPassThrough = {
TestTerraformCompleteExample 2022-08-04T19:10:49Z logger.go:66:                       - directoryPathInContainer = null
TestTerraformCompleteExample 2022-08-04T19:10:49Z logger.go:66:                       - secretRef                = null
TestTerraformCompleteExample 2022-08-04T19:10:49Z logger.go:66:                     }
TestTerraformCompleteExample 2022-08-04T19:10:49Z logger.go:66:                   - oauthbearer           = {
TestTerraformCompleteExample 2022-08-04T19:10:49Z logger.go:66:                       - directoryPathInContainer = null
TestTerraformCompleteExample 2022-08-04T19:10:49Z logger.go:66:                       - secretRef                = null
TestTerraformCompleteExample 2022-08-04T19:10:49Z logger.go:66:                     }
TestTerraformCompleteExample 2022-08-04T19:10:49Z logger.go:66:                   - type                  = null
TestTerraformCompleteExample 2022-08-04T19:10:49Z logger.go:66:                 }
TestTerraformCompleteExample 2022-08-04T19:10:49Z logger.go:66:               - bootstrapEndpoint = null
TestTerraformCompleteExample 2022-08-04T19:10:49Z logger.go:66:               - discovery         = {
TestTerraformCompleteExample 2022-08-04T19:10:49Z logger.go:66:                   - name      = null
TestTerraformCompleteExample 2022-08-04T19:10:49Z logger.go:66:                   - namespace = null
TestTerraformCompleteExample 2022-08-04T19:10:49Z logger.go:66:                   - secretRef = null
TestTerraformCompleteExample 2022-08-04T19:10:49Z logger.go:66:                 }
TestTerraformCompleteExample 2022-08-04T19:10:49Z logger.go:66:               - tls               = {
TestTerraformCompleteExample 2022-08-04T19:10:49Z logger.go:66:                   - directoryPathInContainer = null
TestTerraformCompleteExample 2022-08-04T19:10:49Z logger.go:66:                   - enabled                  = null
TestTerraformCompleteExample 2022-08-04T19:10:49Z logger.go:66:                   - ignoreTrustStoreConfig   = null
TestTerraformCompleteExample 2022-08-04T19:10:49Z logger.go:66:                   - jksPassword              = {
TestTerraformCompleteExample 2022-08-04T19:10:49Z logger.go:66:                       - secretRef = null
TestTerraformCompleteExample 2022-08-04T19:10:49Z logger.go:66:                     }
TestTerraformCompleteExample 2022-08-04T19:10:49Z logger.go:66:                   - secretRef                = null
TestTerraformCompleteExample 2022-08-04T19:10:49Z logger.go:66:                 }
TestTerraformCompleteExample 2022-08-04T19:10:49Z logger.go:66:             }
TestTerraformCompleteExample 2022-08-04T19:10:49Z logger.go:66:           - interceptor    = {
TestTerraformCompleteExample 2022-08-04T19:10:49Z logger.go:66:               - configs   = null
TestTerraformCompleteExample 2022-08-04T19:10:49Z logger.go:66:               - consumer  = {
TestTerraformCompleteExample 2022-08-04T19:10:49Z logger.go:66:                   - authentication    = {
TestTerraformCompleteExample 2022-08-04T19:10:49Z logger.go:66:                       - jaasConfig            = {
TestTerraformCompleteExample 2022-08-04T19:10:49Z logger.go:66:                           - secretRef = null
TestTerraformCompleteExample 2022-08-04T19:10:49Z logger.go:66:                         }
TestTerraformCompleteExample 2022-08-04T19:10:49Z logger.go:66:                       - jaasConfigPassThrough = {
TestTerraformCompleteExample 2022-08-04T19:10:49Z logger.go:66:                           - directoryPathInContainer = null
TestTerraformCompleteExample 2022-08-04T19:10:49Z logger.go:66:                           - secretRef                = null
TestTerraformCompleteExample 2022-08-04T19:10:49Z logger.go:66:                         }
TestTerraformCompleteExample 2022-08-04T19:10:49Z logger.go:66:                       - oauthbearer           = {
TestTerraformCompleteExample 2022-08-04T19:10:49Z logger.go:66:                           - directoryPathInContainer = null
TestTerraformCompleteExample 2022-08-04T19:10:49Z logger.go:66:                           - secretRef                = null
TestTerraformCompleteExample 2022-08-04T19:10:49Z logger.go:66:                         }
TestTerraformCompleteExample 2022-08-04T19:10:49Z logger.go:66:                       - type                  = null
TestTerraformCompleteExample 2022-08-04T19:10:49Z logger.go:66:                     }
TestTerraformCompleteExample 2022-08-04T19:10:49Z logger.go:66:                   - bootstrapEndpoint = null
TestTerraformCompleteExample 2022-08-04T19:10:49Z logger.go:66:                   - discovery         = {
TestTerraformCompleteExample 2022-08-04T19:10:49Z logger.go:66:                       - name      = null
TestTerraformCompleteExample 2022-08-04T19:10:49Z logger.go:66:                       - namespace = null
TestTerraformCompleteExample 2022-08-04T19:10:49Z logger.go:66:                       - secretRef = null
TestTerraformCompleteExample 2022-08-04T19:10:49Z logger.go:66:                     }
TestTerraformCompleteExample 2022-08-04T19:10:49Z logger.go:66:                   - tls               = {
TestTerraformCompleteExample 2022-08-04T19:10:49Z logger.go:66:                       - directoryPathInContainer = null
TestTerraformCompleteExample 2022-08-04T19:10:49Z logger.go:66:                       - enabled                  = null
TestTerraformCompleteExample 2022-08-04T19:10:49Z logger.go:66:                       - ignoreTrustStoreConfig   = null
TestTerraformCompleteExample 2022-08-04T19:10:49Z logger.go:66:                       - jksPassword              = {
TestTerraformCompleteExample 2022-08-04T19:10:49Z logger.go:66:                           - secretRef = null
TestTerraformCompleteExample 2022-08-04T19:10:49Z logger.go:66:                         }
TestTerraformCompleteExample 2022-08-04T19:10:49Z logger.go:66:                       - secretRef                = null
TestTerraformCompleteExample 2022-08-04T19:10:49Z logger.go:66:                     }
TestTerraformCompleteExample 2022-08-04T19:10:49Z logger.go:66:                 }
TestTerraformCompleteExample 2022-08-04T19:10:49Z logger.go:66:               - enabled   = null
TestTerraformCompleteExample 2022-08-04T19:10:49Z logger.go:66:               - producer  = {
TestTerraformCompleteExample 2022-08-04T19:10:49Z logger.go:66:                   - authentication    = {
TestTerraformCompleteExample 2022-08-04T19:10:49Z logger.go:66:                       - jaasConfig            = {
TestTerraformCompleteExample 2022-08-04T19:10:49Z logger.go:66:                           - secretRef = null
TestTerraformCompleteExample 2022-08-04T19:10:49Z logger.go:66:                         }
TestTerraformCompleteExample 2022-08-04T19:10:49Z logger.go:66:                       - jaasConfigPassThrough = {
TestTerraformCompleteExample 2022-08-04T19:10:49Z logger.go:66:                           - directoryPathInContainer = null
TestTerraformCompleteExample 2022-08-04T19:10:49Z logger.go:66:                           - secretRef                = null
TestTerraformCompleteExample 2022-08-04T19:10:49Z logger.go:66:                         }
TestTerraformCompleteExample 2022-08-04T19:10:49Z logger.go:66:                       - oauthbearer           = {
TestTerraformCompleteExample 2022-08-04T19:10:49Z logger.go:66:                           - directoryPathInContainer = null
TestTerraformCompleteExample 2022-08-04T19:10:49Z logger.go:66:                           - secretRef                = null
TestTerraformCompleteExample 2022-08-04T19:10:49Z logger.go:66:                         }
TestTerraformCompleteExample 2022-08-04T19:10:49Z logger.go:66:                       - type                  = null
TestTerraformCompleteExample 2022-08-04T19:10:49Z logger.go:66:                     }
TestTerraformCompleteExample 2022-08-04T19:10:49Z logger.go:66:                   - bootstrapEndpoint = null
TestTerraformCompleteExample 2022-08-04T19:10:49Z logger.go:66:                   - discovery         = {
TestTerraformCompleteExample 2022-08-04T19:10:49Z logger.go:66:                       - name      = null
TestTerraformCompleteExample 2022-08-04T19:10:49Z logger.go:66:                       - namespace = null
TestTerraformCompleteExample 2022-08-04T19:10:49Z logger.go:66:                       - secretRef = null
TestTerraformCompleteExample 2022-08-04T19:10:49Z logger.go:66:                     }
TestTerraformCompleteExample 2022-08-04T19:10:49Z logger.go:66:                   - tls               = {
TestTerraformCompleteExample 2022-08-04T19:10:49Z logger.go:66:                       - directoryPathInContainer = null
TestTerraformCompleteExample 2022-08-04T19:10:49Z logger.go:66:                       - enabled                  = null
TestTerraformCompleteExample 2022-08-04T19:10:49Z logger.go:66:                       - ignoreTrustStoreConfig   = null
TestTerraformCompleteExample 2022-08-04T19:10:49Z logger.go:66:                       - jksPassword              = {
TestTerraformCompleteExample 2022-08-04T19:10:49Z logger.go:66:                           - secretRef = null
TestTerraformCompleteExample 2022-08-04T19:10:49Z logger.go:66:                         }
TestTerraformCompleteExample 2022-08-04T19:10:49Z logger.go:66:                       - secretRef                = null
TestTerraformCompleteExample 2022-08-04T19:10:49Z logger.go:66:                     }
TestTerraformCompleteExample 2022-08-04T19:10:49Z logger.go:66:                 }
TestTerraformCompleteExample 2022-08-04T19:10:49Z logger.go:66:               - publishMs = null
TestTerraformCompleteExample 2022-08-04T19:10:49Z logger.go:66:             }
TestTerraformCompleteExample 2022-08-04T19:10:49Z logger.go:66:           - kafka          = {
TestTerraformCompleteExample 2022-08-04T19:10:49Z logger.go:66:               - authentication    = {
TestTerraformCompleteExample 2022-08-04T19:10:49Z logger.go:66:                   - jaasConfig            = {
TestTerraformCompleteExample 2022-08-04T19:10:49Z logger.go:66:                       - secretRef = null
TestTerraformCompleteExample 2022-08-04T19:10:49Z logger.go:66:                     }
TestTerraformCompleteExample 2022-08-04T19:10:49Z logger.go:66:                   - jaasConfigPassThrough = {
TestTerraformCompleteExample 2022-08-04T19:10:49Z logger.go:66:                       - directoryPathInContainer = null
TestTerraformCompleteExample 2022-08-04T19:10:49Z logger.go:66:                       - secretRef                = null
TestTerraformCompleteExample 2022-08-04T19:10:49Z logger.go:66:                     }
TestTerraformCompleteExample 2022-08-04T19:10:49Z logger.go:66:                   - oauthbearer           = {
TestTerraformCompleteExample 2022-08-04T19:10:49Z logger.go:66:                       - directoryPathInContainer = null
TestTerraformCompleteExample 2022-08-04T19:10:49Z logger.go:66:                       - secretRef                = null
TestTerraformCompleteExample 2022-08-04T19:10:49Z logger.go:66:                     }
TestTerraformCompleteExample 2022-08-04T19:10:49Z logger.go:66:                   - type                  = null
TestTerraformCompleteExample 2022-08-04T19:10:49Z logger.go:66:                 }
TestTerraformCompleteExample 2022-08-04T19:10:49Z logger.go:66:               - bootstrapEndpoint = "kafka:9071"
TestTerraformCompleteExample 2022-08-04T19:10:49Z logger.go:66:               - discovery         = {
TestTerraformCompleteExample 2022-08-04T19:10:49Z logger.go:66:                   - name      = null
TestTerraformCompleteExample 2022-08-04T19:10:49Z logger.go:66:                   - namespace = null
TestTerraformCompleteExample 2022-08-04T19:10:49Z logger.go:66:                   - secretRef = null
TestTerraformCompleteExample 2022-08-04T19:10:49Z logger.go:66:                 }
TestTerraformCompleteExample 2022-08-04T19:10:49Z logger.go:66:               - tls               = {
TestTerraformCompleteExample 2022-08-04T19:10:49Z logger.go:66:                   - directoryPathInContainer = null
TestTerraformCompleteExample 2022-08-04T19:10:49Z logger.go:66:                   - enabled                  = null
TestTerraformCompleteExample 2022-08-04T19:10:49Z logger.go:66:                   - ignoreTrustStoreConfig   = null
TestTerraformCompleteExample 2022-08-04T19:10:49Z logger.go:66:                   - jksPassword              = {
TestTerraformCompleteExample 2022-08-04T19:10:49Z logger.go:66:                       - secretRef = null
TestTerraformCompleteExample 2022-08-04T19:10:49Z logger.go:66:                     }
TestTerraformCompleteExample 2022-08-04T19:10:49Z logger.go:66:                   - secretRef                = null
TestTerraformCompleteExample 2022-08-04T19:10:49Z logger.go:66:                 }
TestTerraformCompleteExample 2022-08-04T19:10:49Z logger.go:66:             }
TestTerraformCompleteExample 2022-08-04T19:10:49Z logger.go:66:           - mds            = {
TestTerraformCompleteExample 2022-08-04T19:10:49Z logger.go:66:               - authentication = {
TestTerraformCompleteExample 2022-08-04T19:10:49Z logger.go:66:                   - bearer = {
TestTerraformCompleteExample 2022-08-04T19:10:49Z logger.go:66:                       - directoryPathInContainer = null
TestTerraformCompleteExample 2022-08-04T19:10:49Z logger.go:66:                       - secretRef                = null
TestTerraformCompleteExample 2022-08-04T19:10:49Z logger.go:66:                     }
TestTerraformCompleteExample 2022-08-04T19:10:49Z logger.go:66:                   - type   = null
TestTerraformCompleteExample 2022-08-04T19:10:49Z logger.go:66:                 }
TestTerraformCompleteExample 2022-08-04T19:10:49Z logger.go:66:               - endpoint       = null
TestTerraformCompleteExample 2022-08-04T19:10:49Z logger.go:66:               - tls            = {
TestTerraformCompleteExample 2022-08-04T19:10:49Z logger.go:66:                   - directoryPathInContainer = null
TestTerraformCompleteExample 2022-08-04T19:10:49Z logger.go:66:                   - enabled                  = null
TestTerraformCompleteExample 2022-08-04T19:10:49Z logger.go:66:                   - ignoreTrustStoreConfig   = null
TestTerraformCompleteExample 2022-08-04T19:10:49Z logger.go:66:                   - jksPassword              = {
TestTerraformCompleteExample 2022-08-04T19:10:49Z logger.go:66:                       - secretRef = null
TestTerraformCompleteExample 2022-08-04T19:10:49Z logger.go:66:                     }
TestTerraformCompleteExample 2022-08-04T19:10:49Z logger.go:66:                   - secretRef                = null
TestTerraformCompleteExample 2022-08-04T19:10:49Z logger.go:66:                 }
TestTerraformCompleteExample 2022-08-04T19:10:49Z logger.go:66:               - tokenKeyPair   = {
TestTerraformCompleteExample 2022-08-04T19:10:49Z logger.go:66:                   - directoryPathInContainer = null
TestTerraformCompleteExample 2022-08-04T19:10:49Z logger.go:66:                   - secretRef                = null
TestTerraformCompleteExample 2022-08-04T19:10:49Z logger.go:66:                 }
TestTerraformCompleteExample 2022-08-04T19:10:49Z logger.go:66:             }
TestTerraformCompleteExample 2022-08-04T19:10:49Z logger.go:66:           - producer       = {
TestTerraformCompleteExample 2022-08-04T19:10:49Z logger.go:66:               - authentication    = {
TestTerraformCompleteExample 2022-08-04T19:10:49Z logger.go:66:                   - jaasConfig            = {
TestTerraformCompleteExample 2022-08-04T19:10:49Z logger.go:66:                       - secretRef = null
TestTerraformCompleteExample 2022-08-04T19:10:49Z logger.go:66:                     }
TestTerraformCompleteExample 2022-08-04T19:10:49Z logger.go:66:                   - jaasConfigPassThrough = {
TestTerraformCompleteExample 2022-08-04T19:10:49Z logger.go:66:                       - directoryPathInContainer = null
TestTerraformCompleteExample 2022-08-04T19:10:49Z logger.go:66:                       - secretRef                = null
TestTerraformCompleteExample 2022-08-04T19:10:49Z logger.go:66:                     }
TestTerraformCompleteExample 2022-08-04T19:10:49Z logger.go:66:                   - oauthbearer           = {
TestTerraformCompleteExample 2022-08-04T19:10:49Z logger.go:66:                       - directoryPathInContainer = null
TestTerraformCompleteExample 2022-08-04T19:10:49Z logger.go:66:                       - secretRef                = null
TestTerraformCompleteExample 2022-08-04T19:10:49Z logger.go:66:                     }
TestTerraformCompleteExample 2022-08-04T19:10:49Z logger.go:66:                   - type                  = null
TestTerraformCompleteExample 2022-08-04T19:10:49Z logger.go:66:                 }
TestTerraformCompleteExample 2022-08-04T19:10:49Z logger.go:66:               - bootstrapEndpoint = null
TestTerraformCompleteExample 2022-08-04T19:10:49Z logger.go:66:               - discovery         = {
TestTerraformCompleteExample 2022-08-04T19:10:49Z logger.go:66:                   - name      = null
TestTerraformCompleteExample 2022-08-04T19:10:49Z logger.go:66:                   - namespace = null
TestTerraformCompleteExample 2022-08-04T19:10:49Z logger.go:66:                   - secretRef = null
TestTerraformCompleteExample 2022-08-04T19:10:49Z logger.go:66:                 }
TestTerraformCompleteExample 2022-08-04T19:10:49Z logger.go:66:               - tls               = {
TestTerraformCompleteExample 2022-08-04T19:10:49Z logger.go:66:                   - directoryPathInContainer = null
TestTerraformCompleteExample 2022-08-04T19:10:49Z logger.go:66:                   - enabled                  = null
TestTerraformCompleteExample 2022-08-04T19:10:49Z logger.go:66:                   - ignoreTrustStoreConfig   = null
TestTerraformCompleteExample 2022-08-04T19:10:49Z logger.go:66:                   - jksPassword              = {
TestTerraformCompleteExample 2022-08-04T19:10:49Z logger.go:66:                       - secretRef = null
TestTerraformCompleteExample 2022-08-04T19:10:49Z logger.go:66:                     }
TestTerraformCompleteExample 2022-08-04T19:10:49Z logger.go:66:                   - secretRef                = null
TestTerraformCompleteExample 2022-08-04T19:10:49Z logger.go:66:                 }
TestTerraformCompleteExample 2022-08-04T19:10:49Z logger.go:66:             }
TestTerraformCompleteExample 2022-08-04T19:10:49Z logger.go:66:           - schemaRegistry = {
TestTerraformCompleteExample 2022-08-04T19:10:49Z logger.go:66:               - authentication = {
TestTerraformCompleteExample 2022-08-04T19:10:49Z logger.go:66:                   - basic = {
TestTerraformCompleteExample 2022-08-04T19:10:49Z logger.go:66:                       - debug                    = null
TestTerraformCompleteExample 2022-08-04T19:10:49Z logger.go:66:                       - directoryPathInContainer = null
TestTerraformCompleteExample 2022-08-04T19:10:49Z logger.go:66:                       - restrictedRoles          = null
TestTerraformCompleteExample 2022-08-04T19:10:49Z logger.go:66:                       - roles                    = null
TestTerraformCompleteExample 2022-08-04T19:10:49Z logger.go:66:                       - secretRef                = null
TestTerraformCompleteExample 2022-08-04T19:10:49Z logger.go:66:                     }
TestTerraformCompleteExample 2022-08-04T19:10:49Z logger.go:66:                   - type  = null
TestTerraformCompleteExample 2022-08-04T19:10:49Z logger.go:66:                 }
TestTerraformCompleteExample 2022-08-04T19:10:49Z logger.go:66:               - tls            = {
TestTerraformCompleteExample 2022-08-04T19:10:49Z logger.go:66:                   - directoryPathInContainer = null
TestTerraformCompleteExample 2022-08-04T19:10:49Z logger.go:66:                   - enabled                  = null
TestTerraformCompleteExample 2022-08-04T19:10:49Z logger.go:66:                   - ignoreTrustStoreConfig   = null
TestTerraformCompleteExample 2022-08-04T19:10:49Z logger.go:66:                   - jksPassword              = {
TestTerraformCompleteExample 2022-08-04T19:10:49Z logger.go:66:                       - secretRef = null
TestTerraformCompleteExample 2022-08-04T19:10:49Z logger.go:66:                     }
TestTerraformCompleteExample 2022-08-04T19:10:49Z logger.go:66:                   - secretRef                = null
TestTerraformCompleteExample 2022-08-04T19:10:49Z logger.go:66:                 }
TestTerraformCompleteExample 2022-08-04T19:10:49Z logger.go:66:               - url            = null
TestTerraformCompleteExample 2022-08-04T19:10:49Z logger.go:66:             }
TestTerraformCompleteExample 2022-08-04T19:10:49Z logger.go:66:         }
TestTerraformCompleteExample 2022-08-04T19:10:49Z logger.go:66:       - enableSchemas                  = null
TestTerraformCompleteExample 2022-08-04T19:10:49Z logger.go:66:       - externalAccess                 = {
TestTerraformCompleteExample 2022-08-04T19:10:49Z logger.go:66:           - loadBalancer = {
TestTerraformCompleteExample 2022-08-04T19:10:49Z logger.go:66:               - advertisedURL            = {
TestTerraformCompleteExample 2022-08-04T19:10:49Z logger.go:66:                   - enabled = null
TestTerraformCompleteExample 2022-08-04T19:10:49Z logger.go:66:                   - prefix  = null
TestTerraformCompleteExample 2022-08-04T19:10:49Z logger.go:66:                 }
TestTerraformCompleteExample 2022-08-04T19:10:49Z logger.go:66:               - annotations              = null
TestTerraformCompleteExample 2022-08-04T19:10:49Z logger.go:66:               - domain                   = null
TestTerraformCompleteExample 2022-08-04T19:10:49Z logger.go:66:               - externalTrafficPolicy    = null
TestTerraformCompleteExample 2022-08-04T19:10:49Z logger.go:66:               - labels                   = null
TestTerraformCompleteExample 2022-08-04T19:10:49Z logger.go:66:               - loadBalancerSourceRanges = null
TestTerraformCompleteExample 2022-08-04T19:10:49Z logger.go:66:               - port                     = null
TestTerraformCompleteExample 2022-08-04T19:10:49Z logger.go:66:               - prefix                   = null
TestTerraformCompleteExample 2022-08-04T19:10:49Z logger.go:66:               - servicePorts             = null
TestTerraformCompleteExample 2022-08-04T19:10:49Z logger.go:66:               - sessionAffinity          = null
TestTerraformCompleteExample 2022-08-04T19:10:49Z logger.go:66:               - sessionAffinityConfig    = {
TestTerraformCompleteExample 2022-08-04T19:10:49Z logger.go:66:                   - clientIP = {
TestTerraformCompleteExample 2022-08-04T19:10:49Z logger.go:66:                       - timeoutSeconds = null
TestTerraformCompleteExample 2022-08-04T19:10:49Z logger.go:66:                     }
TestTerraformCompleteExample 2022-08-04T19:10:49Z logger.go:66:                 }
TestTerraformCompleteExample 2022-08-04T19:10:49Z logger.go:66:             }
TestTerraformCompleteExample 2022-08-04T19:10:49Z logger.go:66:           - nodePort     = {
TestTerraformCompleteExample 2022-08-04T19:10:49Z logger.go:66:               - advertisedURL         = {
TestTerraformCompleteExample 2022-08-04T19:10:49Z logger.go:66:                   - enabled = null
TestTerraformCompleteExample 2022-08-04T19:10:49Z logger.go:66:                   - prefix  = null
TestTerraformCompleteExample 2022-08-04T19:10:49Z logger.go:66:                 }
TestTerraformCompleteExample 2022-08-04T19:10:49Z logger.go:66:               - annotations           = null
TestTerraformCompleteExample 2022-08-04T19:10:49Z logger.go:66:               - externalTrafficPolicy = null
TestTerraformCompleteExample 2022-08-04T19:10:49Z logger.go:66:               - host                  = null
TestTerraformCompleteExample 2022-08-04T19:10:49Z logger.go:66:               - labels                = null
TestTerraformCompleteExample 2022-08-04T19:10:49Z logger.go:66:               - nodePortOffset        = null
TestTerraformCompleteExample 2022-08-04T19:10:49Z logger.go:66:               - servicePorts          = null
TestTerraformCompleteExample 2022-08-04T19:10:49Z logger.go:66:               - sessionAffinity       = null
TestTerraformCompleteExample 2022-08-04T19:10:49Z logger.go:66:               - sessionAffinityConfig = {
TestTerraformCompleteExample 2022-08-04T19:10:49Z logger.go:66:                   - clientIP = {
TestTerraformCompleteExample 2022-08-04T19:10:49Z logger.go:66:                       - timeoutSeconds = null
TestTerraformCompleteExample 2022-08-04T19:10:49Z logger.go:66:                     }
TestTerraformCompleteExample 2022-08-04T19:10:49Z logger.go:66:                 }
TestTerraformCompleteExample 2022-08-04T19:10:49Z logger.go:66:             }
TestTerraformCompleteExample 2022-08-04T19:10:49Z logger.go:66:           - route        = {
TestTerraformCompleteExample 2022-08-04T19:10:49Z logger.go:66:               - annotations    = null
TestTerraformCompleteExample 2022-08-04T19:10:49Z logger.go:66:               - domain         = null
TestTerraformCompleteExample 2022-08-04T19:10:49Z logger.go:66:               - labels         = null
TestTerraformCompleteExample 2022-08-04T19:10:49Z logger.go:66:               - prefix         = null
TestTerraformCompleteExample 2022-08-04T19:10:49Z logger.go:66:               - wildcardPolicy = null
TestTerraformCompleteExample 2022-08-04T19:10:49Z logger.go:66:             }
TestTerraformCompleteExample 2022-08-04T19:10:49Z logger.go:66:           - type         = null
TestTerraformCompleteExample 2022-08-04T19:10:49Z logger.go:66:         }
TestTerraformCompleteExample 2022-08-04T19:10:49Z logger.go:66:       - headlessService                = {
TestTerraformCompleteExample 2022-08-04T19:10:49Z logger.go:66:           - annotations              = null
TestTerraformCompleteExample 2022-08-04T19:10:49Z logger.go:66:           - labels                   = null
TestTerraformCompleteExample 2022-08-04T19:10:49Z logger.go:66:           - publishNotReadyAddresses = null
TestTerraformCompleteExample 2022-08-04T19:10:49Z logger.go:66:         }
TestTerraformCompleteExample 2022-08-04T19:10:49Z logger.go:66:       - image                          = {
TestTerraformCompleteExample 2022-08-04T19:10:49Z logger.go:66:           - application   = "confluentinc/cp-server-connect:7.2.0"
TestTerraformCompleteExample 2022-08-04T19:10:49Z logger.go:66:           - init          = "confluentinc/confluent-init-container:2.4.0"
TestTerraformCompleteExample 2022-08-04T19:10:49Z logger.go:66:           - pullPolicy    = null
TestTerraformCompleteExample 2022-08-04T19:10:49Z logger.go:66:           - pullSecretRef = null
TestTerraformCompleteExample 2022-08-04T19:10:49Z logger.go:66:         }
TestTerraformCompleteExample 2022-08-04T19:10:49Z logger.go:66:       - injectAnnotations              = null
TestTerraformCompleteExample 2022-08-04T19:10:49Z logger.go:66:       - injectLabels                   = null
TestTerraformCompleteExample 2022-08-04T19:10:49Z logger.go:66:       - internalTopicReplicationFactor = null
TestTerraformCompleteExample 2022-08-04T19:10:49Z logger.go:66:       - k8sClusterDomain               = null
TestTerraformCompleteExample 2022-08-04T19:10:49Z logger.go:66:       - keyConverterType               = null
TestTerraformCompleteExample 2022-08-04T19:10:49Z logger.go:66:       - license                        = {
TestTerraformCompleteExample 2022-08-04T19:10:49Z logger.go:66:           - directoryPathInContainer = null
TestTerraformCompleteExample 2022-08-04T19:10:49Z logger.go:66:           - globalLicense            = null
TestTerraformCompleteExample 2022-08-04T19:10:49Z logger.go:66:           - secretRef                = null
TestTerraformCompleteExample 2022-08-04T19:10:49Z logger.go:66:         }
TestTerraformCompleteExample 2022-08-04T19:10:49Z logger.go:66:       - metrics                        = {
TestTerraformCompleteExample 2022-08-04T19:10:49Z logger.go:66:           - authentication = {
TestTerraformCompleteExample 2022-08-04T19:10:49Z logger.go:66:               - type = null
TestTerraformCompleteExample 2022-08-04T19:10:49Z logger.go:66:             }
TestTerraformCompleteExample 2022-08-04T19:10:49Z logger.go:66:           - prometheus     = {
TestTerraformCompleteExample 2022-08-04T19:10:49Z logger.go:66:               - blacklist = null
TestTerraformCompleteExample 2022-08-04T19:10:49Z logger.go:66:               - rules     = null
TestTerraformCompleteExample 2022-08-04T19:10:49Z logger.go:66:               - whitelist = null
TestTerraformCompleteExample 2022-08-04T19:10:49Z logger.go:66:             }
TestTerraformCompleteExample 2022-08-04T19:10:49Z logger.go:66:           - tls            = {
TestTerraformCompleteExample 2022-08-04T19:10:49Z logger.go:66:               - directoryPathInContainer = null
TestTerraformCompleteExample 2022-08-04T19:10:49Z logger.go:66:               - enabled                  = null
TestTerraformCompleteExample 2022-08-04T19:10:49Z logger.go:66:               - ignoreTrustStoreConfig   = null
TestTerraformCompleteExample 2022-08-04T19:10:49Z logger.go:66:               - jksPassword              = {
TestTerraformCompleteExample 2022-08-04T19:10:49Z logger.go:66:                   - secretRef = null
TestTerraformCompleteExample 2022-08-04T19:10:49Z logger.go:66:                 }
TestTerraformCompleteExample 2022-08-04T19:10:49Z logger.go:66:               - secretRef                = null
TestTerraformCompleteExample 2022-08-04T19:10:49Z logger.go:66:             }
TestTerraformCompleteExample 2022-08-04T19:10:49Z logger.go:66:         }
TestTerraformCompleteExample 2022-08-04T19:10:49Z logger.go:66:       - mountedSecrets                 = null
TestTerraformCompleteExample 2022-08-04T19:10:49Z logger.go:66:       - mountedVolumes                 = {
TestTerraformCompleteExample 2022-08-04T19:10:49Z logger.go:66:           - volumeMounts = null
TestTerraformCompleteExample 2022-08-04T19:10:49Z logger.go:66:           - volumes      = null
TestTerraformCompleteExample 2022-08-04T19:10:49Z logger.go:66:         }
TestTerraformCompleteExample 2022-08-04T19:10:49Z logger.go:66:       - oneReplicaPerNode              = null
TestTerraformCompleteExample 2022-08-04T19:10:49Z logger.go:66:       - podTemplate                    = {
TestTerraformCompleteExample 2022-08-04T19:10:49Z logger.go:66:           - affinity                      = {
TestTerraformCompleteExample 2022-08-04T19:10:49Z logger.go:66:               - nodeAffinity    = {
TestTerraformCompleteExample 2022-08-04T19:10:49Z logger.go:66:                   - preferredDuringSchedulingIgnoredDuringExecution = null
TestTerraformCompleteExample 2022-08-04T19:10:49Z logger.go:66:                   - requiredDuringSchedulingIgnoredDuringExecution  = {
TestTerraformCompleteExample 2022-08-04T19:10:49Z logger.go:66:                       - nodeSelectorTerms = null
TestTerraformCompleteExample 2022-08-04T19:10:49Z logger.go:66:                     }
TestTerraformCompleteExample 2022-08-04T19:10:49Z logger.go:66:                 }
TestTerraformCompleteExample 2022-08-04T19:10:49Z logger.go:66:               - podAffinity     = {
TestTerraformCompleteExample 2022-08-04T19:10:49Z logger.go:66:                   - preferredDuringSchedulingIgnoredDuringExecution = null
TestTerraformCompleteExample 2022-08-04T19:10:49Z logger.go:66:                   - requiredDuringSchedulingIgnoredDuringExecution  = null
TestTerraformCompleteExample 2022-08-04T19:10:49Z logger.go:66:                 }
TestTerraformCompleteExample 2022-08-04T19:10:49Z logger.go:66:               - podAntiAffinity = {
TestTerraformCompleteExample 2022-08-04T19:10:49Z logger.go:66:                   - preferredDuringSchedulingIgnoredDuringExecution = null
TestTerraformCompleteExample 2022-08-04T19:10:49Z logger.go:66:                   - requiredDuringSchedulingIgnoredDuringExecution  = null
TestTerraformCompleteExample 2022-08-04T19:10:49Z logger.go:66:                 }
TestTerraformCompleteExample 2022-08-04T19:10:49Z logger.go:66:             }
TestTerraformCompleteExample 2022-08-04T19:10:49Z logger.go:66:           - annotations                   = null
TestTerraformCompleteExample 2022-08-04T19:10:49Z logger.go:66:           - envVars                       = null
TestTerraformCompleteExample 2022-08-04T19:10:49Z logger.go:66:           - labels                        = null
TestTerraformCompleteExample 2022-08-04T19:10:49Z logger.go:66:           - podSecurityContext            = {
TestTerraformCompleteExample 2022-08-04T19:10:49Z logger.go:66:               - fsGroup             = null
TestTerraformCompleteExample 2022-08-04T19:10:49Z logger.go:66:               - fsGroupChangePolicy = null
TestTerraformCompleteExample 2022-08-04T19:10:49Z logger.go:66:               - runAsGroup          = null
TestTerraformCompleteExample 2022-08-04T19:10:49Z logger.go:66:               - runAsNonRoot        = null
TestTerraformCompleteExample 2022-08-04T19:10:49Z logger.go:66:               - runAsUser           = null
TestTerraformCompleteExample 2022-08-04T19:10:49Z logger.go:66:               - seLinuxOptions      = {
TestTerraformCompleteExample 2022-08-04T19:10:49Z logger.go:66:                   - level = null
TestTerraformCompleteExample 2022-08-04T19:10:49Z logger.go:66:                   - role  = null
TestTerraformCompleteExample 2022-08-04T19:10:49Z logger.go:66:                   - type  = null
TestTerraformCompleteExample 2022-08-04T19:10:49Z logger.go:66:                   - user  = null
TestTerraformCompleteExample 2022-08-04T19:10:49Z logger.go:66:                 }
TestTerraformCompleteExample 2022-08-04T19:10:49Z logger.go:66:               - seccompProfile      = {
TestTerraformCompleteExample 2022-08-04T19:10:49Z logger.go:66:                   - localhostProfile = null
TestTerraformCompleteExample 2022-08-04T19:10:49Z logger.go:66:                   - type             = null
TestTerraformCompleteExample 2022-08-04T19:10:49Z logger.go:66:                 }
TestTerraformCompleteExample 2022-08-04T19:10:49Z logger.go:66:               - supplementalGroups  = null
TestTerraformCompleteExample 2022-08-04T19:10:49Z logger.go:66:               - sysctls             = null
TestTerraformCompleteExample 2022-08-04T19:10:49Z logger.go:66:               - windowsOptions      = {
TestTerraformCompleteExample 2022-08-04T19:10:49Z logger.go:66:                   - gmsaCredentialSpec     = null
TestTerraformCompleteExample 2022-08-04T19:10:49Z logger.go:66:                   - gmsaCredentialSpecName = null
TestTerraformCompleteExample 2022-08-04T19:10:49Z logger.go:66:                   - hostProcess            = null
TestTerraformCompleteExample 2022-08-04T19:10:49Z logger.go:66:                   - runAsUserName          = null
TestTerraformCompleteExample 2022-08-04T19:10:49Z logger.go:66:                 }
TestTerraformCompleteExample 2022-08-04T19:10:49Z logger.go:66:             }
TestTerraformCompleteExample 2022-08-04T19:10:49Z logger.go:66:           - priorityClassName             = null
TestTerraformCompleteExample 2022-08-04T19:10:49Z logger.go:66:           - probe                         = {
TestTerraformCompleteExample 2022-08-04T19:10:49Z logger.go:66:               - liveness  = {
TestTerraformCompleteExample 2022-08-04T19:10:49Z logger.go:66:                   - failureThreshold    = null
TestTerraformCompleteExample 2022-08-04T19:10:49Z logger.go:66:                   - initialDelaySeconds = null
TestTerraformCompleteExample 2022-08-04T19:10:49Z logger.go:66:                   - periodSeconds       = null
TestTerraformCompleteExample 2022-08-04T19:10:49Z logger.go:66:                   - successThreshold    = null
TestTerraformCompleteExample 2022-08-04T19:10:49Z logger.go:66:                   - timeoutSeconds      = null
TestTerraformCompleteExample 2022-08-04T19:10:49Z logger.go:66:                 }
TestTerraformCompleteExample 2022-08-04T19:10:49Z logger.go:66:               - readiness = {
TestTerraformCompleteExample 2022-08-04T19:10:49Z logger.go:66:                   - failureThreshold    = null
TestTerraformCompleteExample 2022-08-04T19:10:49Z logger.go:66:                   - initialDelaySeconds = null
TestTerraformCompleteExample 2022-08-04T19:10:49Z logger.go:66:                   - periodSeconds       = null
TestTerraformCompleteExample 2022-08-04T19:10:49Z logger.go:66:                   - successThreshold    = null
TestTerraformCompleteExample 2022-08-04T19:10:49Z logger.go:66:                   - timeoutSeconds      = null
TestTerraformCompleteExample 2022-08-04T19:10:49Z logger.go:66:                 }
TestTerraformCompleteExample 2022-08-04T19:10:49Z logger.go:66:             }
TestTerraformCompleteExample 2022-08-04T19:10:49Z logger.go:66:           - resources                     = {
TestTerraformCompleteExample 2022-08-04T19:10:49Z logger.go:66:               - limits   = null
TestTerraformCompleteExample 2022-08-04T19:10:49Z logger.go:66:               - requests = null
TestTerraformCompleteExample 2022-08-04T19:10:49Z logger.go:66:             }
TestTerraformCompleteExample 2022-08-04T19:10:49Z logger.go:66:           - securityContext               = {
TestTerraformCompleteExample 2022-08-04T19:10:49Z logger.go:66:               - allowPrivilegeEscalation = null
TestTerraformCompleteExample 2022-08-04T19:10:49Z logger.go:66:               - capabilities             = {
TestTerraformCompleteExample 2022-08-04T19:10:49Z logger.go:66:                   - add  = null
TestTerraformCompleteExample 2022-08-04T19:10:49Z logger.go:66:                   - drop = null
TestTerraformCompleteExample 2022-08-04T19:10:49Z logger.go:66:                 }
TestTerraformCompleteExample 2022-08-04T19:10:49Z logger.go:66:               - privileged               = null
TestTerraformCompleteExample 2022-08-04T19:10:49Z logger.go:66:               - procMount                = null
TestTerraformCompleteExample 2022-08-04T19:10:49Z logger.go:66:               - readOnlyRootFilesystem   = null
TestTerraformCompleteExample 2022-08-04T19:10:49Z logger.go:66:               - runAsGroup               = null
TestTerraformCompleteExample 2022-08-04T19:10:49Z logger.go:66:               - runAsNonRoot             = null
TestTerraformCompleteExample 2022-08-04T19:10:49Z logger.go:66:               - runAsUser                = null
TestTerraformCompleteExample 2022-08-04T19:10:49Z logger.go:66:               - seLinuxOptions           = {
TestTerraformCompleteExample 2022-08-04T19:10:49Z logger.go:66:                   - level = null
TestTerraformCompleteExample 2022-08-04T19:10:49Z logger.go:66:                   - role  = null
TestTerraformCompleteExample 2022-08-04T19:10:49Z logger.go:66:                   - type  = null
TestTerraformCompleteExample 2022-08-04T19:10:49Z logger.go:66:                   - user  = null
TestTerraformCompleteExample 2022-08-04T19:10:49Z logger.go:66:                 }
TestTerraformCompleteExample 2022-08-04T19:10:49Z logger.go:66:               - seccompProfile           = {
TestTerraformCompleteExample 2022-08-04T19:10:49Z logger.go:66:                   - localhostProfile = null
TestTerraformCompleteExample 2022-08-04T19:10:49Z logger.go:66:                   - type             = null
TestTerraformCompleteExample 2022-08-04T19:10:49Z logger.go:66:                 }
TestTerraformCompleteExample 2022-08-04T19:10:49Z logger.go:66:               - windowsOptions           = {
TestTerraformCompleteExample 2022-08-04T19:10:49Z logger.go:66:                   - gmsaCredentialSpec     = null
TestTerraformCompleteExample 2022-08-04T19:10:49Z logger.go:66:                   - gmsaCredentialSpecName = null
TestTerraformCompleteExample 2022-08-04T19:10:49Z logger.go:66:                   - hostProcess            = null
TestTerraformCompleteExample 2022-08-04T19:10:49Z logger.go:66:                   - runAsUserName          = null
TestTerraformCompleteExample 2022-08-04T19:10:49Z logger.go:66:                 }
TestTerraformCompleteExample 2022-08-04T19:10:49Z logger.go:66:             }
TestTerraformCompleteExample 2022-08-04T19:10:49Z logger.go:66:           - serviceAccountName            = null
TestTerraformCompleteExample 2022-08-04T19:10:49Z logger.go:66:           - terminationGracePeriodSeconds = null
TestTerraformCompleteExample 2022-08-04T19:10:49Z logger.go:66:           - tolerations                   = null
TestTerraformCompleteExample 2022-08-04T19:10:49Z logger.go:66:           - topologySpreadConstraints     = null
TestTerraformCompleteExample 2022-08-04T19:10:49Z logger.go:66:         }
TestTerraformCompleteExample 2022-08-04T19:10:49Z logger.go:66:       - replicas                       = 1
TestTerraformCompleteExample 2022-08-04T19:10:49Z logger.go:66:       - telemetry                      = {
TestTerraformCompleteExample 2022-08-04T19:10:49Z logger.go:66:           - global = null
TestTerraformCompleteExample 2022-08-04T19:10:49Z logger.go:66:         }
TestTerraformCompleteExample 2022-08-04T19:10:49Z logger.go:66:       - tls                            = {
TestTerraformCompleteExample 2022-08-04T19:10:49Z logger.go:66:           - autoGeneratedCerts       = null
TestTerraformCompleteExample 2022-08-04T19:10:49Z logger.go:66:           - directoryPathInContainer = null
TestTerraformCompleteExample 2022-08-04T19:10:49Z logger.go:66:           - ignoreTrustStoreConfig   = null
TestTerraformCompleteExample 2022-08-04T19:10:49Z logger.go:66:           - jksPassword              = {
TestTerraformCompleteExample 2022-08-04T19:10:49Z logger.go:66:               - secretRef = null
TestTerraformCompleteExample 2022-08-04T19:10:49Z logger.go:66:             }
TestTerraformCompleteExample 2022-08-04T19:10:49Z logger.go:66:           - secretRef                = null
TestTerraformCompleteExample 2022-08-04T19:10:49Z logger.go:66:         }
TestTerraformCompleteExample 2022-08-04T19:10:49Z logger.go:66:       - valueConverterType             = null
TestTerraformCompleteExample 2022-08-04T19:10:49Z logger.go:66:     } -> null
TestTerraformCompleteExample 2022-08-04T19:10:49Z logger.go:66:   - connector_manifests      = {
TestTerraformCompleteExample 2022-08-04T19:10:49Z logger.go:66:       - pageviews-source = {
TestTerraformCompleteExample 2022-08-04T19:10:49Z logger.go:66:           - apiVersion = "platform.confluent.io/v1beta1"
TestTerraformCompleteExample 2022-08-04T19:10:49Z logger.go:66:           - kind       = "Connector"
TestTerraformCompleteExample 2022-08-04T19:10:49Z logger.go:66:           - metadata   = {
TestTerraformCompleteExample 2022-08-04T19:10:49Z logger.go:66:               - name      = "pageviews-source"
TestTerraformCompleteExample 2022-08-04T19:10:49Z logger.go:66:               - namespace = "confluent"
TestTerraformCompleteExample 2022-08-04T19:10:49Z logger.go:66:             }
TestTerraformCompleteExample 2022-08-04T19:10:49Z logger.go:66:           - spec       = {
TestTerraformCompleteExample 2022-08-04T19:10:49Z logger.go:66:               - class             = "io.confluent.kafka.connect.datagen.DatagenConnector"
TestTerraformCompleteExample 2022-08-04T19:10:49Z logger.go:66:               - configs           = {
TestTerraformCompleteExample 2022-08-04T19:10:49Z logger.go:66:                   - iterations                            = "10000000"
TestTerraformCompleteExample 2022-08-04T19:10:49Z logger.go:66:                   - "kafka.topic"                         = "pageviews"
TestTerraformCompleteExample 2022-08-04T19:10:49Z logger.go:66:                   - "key.converter"                       = "org.apache.kafka.connect.storage.StringConverter"
TestTerraformCompleteExample 2022-08-04T19:10:49Z logger.go:66:                   - "max.interval"                        = "100"
TestTerraformCompleteExample 2022-08-04T19:10:49Z logger.go:66:                   - quickstart                            = "pageviews"
TestTerraformCompleteExample 2022-08-04T19:10:49Z logger.go:66:                   - "value.converter"                     = "io.confluent.connect.avro.AvroConverter"
TestTerraformCompleteExample 2022-08-04T19:10:49Z logger.go:66:                   - "value.converter.schema.registry.url" = "http://schemaregistry.confluent.svc.cluster.local:8081"
TestTerraformCompleteExample 2022-08-04T19:10:49Z logger.go:66:                   - "value.converter.schemas.enable"      = "true"
TestTerraformCompleteExample 2022-08-04T19:10:49Z logger.go:66:                 }
TestTerraformCompleteExample 2022-08-04T19:10:49Z logger.go:66:               - connectClusterRef = {
TestTerraformCompleteExample 2022-08-04T19:10:49Z logger.go:66:                   - name = "connect"
TestTerraformCompleteExample 2022-08-04T19:10:49Z logger.go:66:                 }
TestTerraformCompleteExample 2022-08-04T19:10:49Z logger.go:66:               - taskMax           = 1
TestTerraformCompleteExample 2022-08-04T19:10:49Z logger.go:66:             }
TestTerraformCompleteExample 2022-08-04T19:10:49Z logger.go:66:         }
TestTerraformCompleteExample 2022-08-04T19:10:49Z logger.go:66:     } -> null
TestTerraformCompleteExample 2022-08-04T19:10:49Z logger.go:66:   - connector_object_specs   = {
TestTerraformCompleteExample 2022-08-04T19:10:49Z logger.go:66:       - pageviews-source = {
TestTerraformCompleteExample 2022-08-04T19:10:49Z logger.go:66:           - class             = "io.confluent.kafka.connect.datagen.DatagenConnector"
TestTerraformCompleteExample 2022-08-04T19:10:49Z logger.go:66:           - configs           = {
TestTerraformCompleteExample 2022-08-04T19:10:49Z logger.go:66:               - "iterations"                          = "10000000"
TestTerraformCompleteExample 2022-08-04T19:10:49Z logger.go:66:               - "kafka.topic"                         = "pageviews"
TestTerraformCompleteExample 2022-08-04T19:10:49Z logger.go:66:               - "key.converter"                       = "org.apache.kafka.connect.storage.StringConverter"
TestTerraformCompleteExample 2022-08-04T19:10:49Z logger.go:66:               - "max.interval"                        = "100"
TestTerraformCompleteExample 2022-08-04T19:10:49Z logger.go:66:               - "quickstart"                          = "pageviews"
TestTerraformCompleteExample 2022-08-04T19:10:49Z logger.go:66:               - "value.converter"                     = "io.confluent.connect.avro.AvroConverter"
TestTerraformCompleteExample 2022-08-04T19:10:49Z logger.go:66:               - "value.converter.schema.registry.url" = "http://schemaregistry.confluent.svc.cluster.local:8081"
TestTerraformCompleteExample 2022-08-04T19:10:49Z logger.go:66:               - "value.converter.schemas.enable"      = "true"
TestTerraformCompleteExample 2022-08-04T19:10:49Z logger.go:66:             }
TestTerraformCompleteExample 2022-08-04T19:10:49Z logger.go:66:           - connectClusterRef = {
TestTerraformCompleteExample 2022-08-04T19:10:49Z logger.go:66:               - name      = "connect"
TestTerraformCompleteExample 2022-08-04T19:10:49Z logger.go:66:               - namespace = null
TestTerraformCompleteExample 2022-08-04T19:10:49Z logger.go:66:             }
TestTerraformCompleteExample 2022-08-04T19:10:49Z logger.go:66:           - connectRest       = {
TestTerraformCompleteExample 2022-08-04T19:10:49Z logger.go:66:               - authentication = {
TestTerraformCompleteExample 2022-08-04T19:10:49Z logger.go:66:                   - basic  = {
TestTerraformCompleteExample 2022-08-04T19:10:49Z logger.go:66:                       - debug                    = null
TestTerraformCompleteExample 2022-08-04T19:10:49Z logger.go:66:                       - directoryPathInContainer = null
TestTerraformCompleteExample 2022-08-04T19:10:49Z logger.go:66:                       - restrictedRoles          = null
TestTerraformCompleteExample 2022-08-04T19:10:49Z logger.go:66:                       - roles                    = null
TestTerraformCompleteExample 2022-08-04T19:10:49Z logger.go:66:                       - secretRef                = null
TestTerraformCompleteExample 2022-08-04T19:10:49Z logger.go:66:                     }
TestTerraformCompleteExample 2022-08-04T19:10:49Z logger.go:66:                   - bearer = {
TestTerraformCompleteExample 2022-08-04T19:10:49Z logger.go:66:                       - directoryPathInContainer = null
TestTerraformCompleteExample 2022-08-04T19:10:49Z logger.go:66:                       - secretRef                = null
TestTerraformCompleteExample 2022-08-04T19:10:49Z logger.go:66:                     }
TestTerraformCompleteExample 2022-08-04T19:10:49Z logger.go:66:                   - type   = null
TestTerraformCompleteExample 2022-08-04T19:10:49Z logger.go:66:                 }
TestTerraformCompleteExample 2022-08-04T19:10:49Z logger.go:66:               - endpoint       = null
TestTerraformCompleteExample 2022-08-04T19:10:49Z logger.go:66:               - kafkaClusterID = null
TestTerraformCompleteExample 2022-08-04T19:10:49Z logger.go:66:               - tls            = {
TestTerraformCompleteExample 2022-08-04T19:10:49Z logger.go:66:                   - directoryPathInContainer = null
TestTerraformCompleteExample 2022-08-04T19:10:49Z logger.go:66:                   - jksPassword              = {
TestTerraformCompleteExample 2022-08-04T19:10:49Z logger.go:66:                       - secretRef = null
TestTerraformCompleteExample 2022-08-04T19:10:49Z logger.go:66:                     }
TestTerraformCompleteExample 2022-08-04T19:10:49Z logger.go:66:                   - secretRef                = null
TestTerraformCompleteExample 2022-08-04T19:10:49Z logger.go:66:                 }
TestTerraformCompleteExample 2022-08-04T19:10:49Z logger.go:66:             }
TestTerraformCompleteExample 2022-08-04T19:10:49Z logger.go:66:           - name              = null
TestTerraformCompleteExample 2022-08-04T19:10:49Z logger.go:66:           - restartPolicy     = {
TestTerraformCompleteExample 2022-08-04T19:10:49Z logger.go:66:               - maxRetry = null
TestTerraformCompleteExample 2022-08-04T19:10:49Z logger.go:66:               - type     = null
TestTerraformCompleteExample 2022-08-04T19:10:49Z logger.go:66:             }
TestTerraformCompleteExample 2022-08-04T19:10:49Z logger.go:66:           - taskMax           = 1
TestTerraformCompleteExample 2022-08-04T19:10:49Z logger.go:66:         }
TestTerraformCompleteExample 2022-08-04T19:10:49Z logger.go:66:     } -> null
TestTerraformCompleteExample 2022-08-04T19:10:49Z logger.go:66:   - kafka_manifest           = {
TestTerraformCompleteExample 2022-08-04T19:10:49Z logger.go:66:       - apiVersion = "platform.confluent.io/v1beta1"
TestTerraformCompleteExample 2022-08-04T19:10:49Z logger.go:66:       - kind       = "Kafka"
TestTerraformCompleteExample 2022-08-04T19:10:49Z logger.go:66:       - metadata   = {
TestTerraformCompleteExample 2022-08-04T19:10:49Z logger.go:66:           - name      = "kafka"
TestTerraformCompleteExample 2022-08-04T19:10:49Z logger.go:66:           - namespace = "confluent"
TestTerraformCompleteExample 2022-08-04T19:10:49Z logger.go:66:         }
TestTerraformCompleteExample 2022-08-04T19:10:49Z logger.go:66:       - spec       = {
TestTerraformCompleteExample 2022-08-04T19:10:49Z logger.go:66:           - dataVolumeCapacity = "10Gi"
TestTerraformCompleteExample 2022-08-04T19:10:49Z logger.go:66:           - image              = {
TestTerraformCompleteExample 2022-08-04T19:10:49Z logger.go:66:               - application = "confluentinc/cp-server:7.2.0"
TestTerraformCompleteExample 2022-08-04T19:10:49Z logger.go:66:               - init        = "confluentinc/confluent-init-container:2.4.0"
TestTerraformCompleteExample 2022-08-04T19:10:49Z logger.go:66:             }
TestTerraformCompleteExample 2022-08-04T19:10:49Z logger.go:66:           - metricReporter     = {
TestTerraformCompleteExample 2022-08-04T19:10:49Z logger.go:66:               - enabled = true
TestTerraformCompleteExample 2022-08-04T19:10:49Z logger.go:66:             }
TestTerraformCompleteExample 2022-08-04T19:10:49Z logger.go:66:           - replicas           = 3
TestTerraformCompleteExample 2022-08-04T19:10:49Z logger.go:66:         }
TestTerraformCompleteExample 2022-08-04T19:10:49Z logger.go:66:     } -> null
TestTerraformCompleteExample 2022-08-04T19:10:49Z logger.go:66:   - kafka_object_spec        = {
TestTerraformCompleteExample 2022-08-04T19:10:49Z logger.go:66:       - authorization      = {
TestTerraformCompleteExample 2022-08-04T19:10:49Z logger.go:66:           - superUsers = null
TestTerraformCompleteExample 2022-08-04T19:10:49Z logger.go:66:           - type       = null
TestTerraformCompleteExample 2022-08-04T19:10:49Z logger.go:66:         }
TestTerraformCompleteExample 2022-08-04T19:10:49Z logger.go:66:       - configOverrides    = {
TestTerraformCompleteExample 2022-08-04T19:10:49Z logger.go:66:           - jvm    = null
TestTerraformCompleteExample 2022-08-04T19:10:49Z logger.go:66:           - log4j  = null
TestTerraformCompleteExample 2022-08-04T19:10:49Z logger.go:66:           - server = null
TestTerraformCompleteExample 2022-08-04T19:10:49Z logger.go:66:         }
TestTerraformCompleteExample 2022-08-04T19:10:49Z logger.go:66:       - dataVolumeCapacity = "10Gi"
TestTerraformCompleteExample 2022-08-04T19:10:49Z logger.go:66:       - dependencies       = {
TestTerraformCompleteExample 2022-08-04T19:10:49Z logger.go:66:           - kafkaRest      = {
TestTerraformCompleteExample 2022-08-04T19:10:49Z logger.go:66:               - authentication    = {
TestTerraformCompleteExample 2022-08-04T19:10:49Z logger.go:66:                   - bearer                = {
TestTerraformCompleteExample 2022-08-04T19:10:49Z logger.go:66:                       - directoryPathInContainer = null
TestTerraformCompleteExample 2022-08-04T19:10:49Z logger.go:66:                       - secretRef                = null
TestTerraformCompleteExample 2022-08-04T19:10:49Z logger.go:66:                     }
TestTerraformCompleteExample 2022-08-04T19:10:49Z logger.go:66:                   - jaasConfig            = {
TestTerraformCompleteExample 2022-08-04T19:10:49Z logger.go:66:                       - secretRef = null
TestTerraformCompleteExample 2022-08-04T19:10:49Z logger.go:66:                     }
TestTerraformCompleteExample 2022-08-04T19:10:49Z logger.go:66:                   - jaasConfigPassThrough = {
TestTerraformCompleteExample 2022-08-04T19:10:49Z logger.go:66:                       - directoryPathInContainer = null
TestTerraformCompleteExample 2022-08-04T19:10:49Z logger.go:66:                       - secretRef                = null
TestTerraformCompleteExample 2022-08-04T19:10:49Z logger.go:66:                     }
TestTerraformCompleteExample 2022-08-04T19:10:49Z logger.go:66:                   - oauthbearer           = {
TestTerraformCompleteExample 2022-08-04T19:10:49Z logger.go:66:                       - directoryPathInContainer = null
TestTerraformCompleteExample 2022-08-04T19:10:49Z logger.go:66:                       - secretRef                = null
TestTerraformCompleteExample 2022-08-04T19:10:49Z logger.go:66:                     }
TestTerraformCompleteExample 2022-08-04T19:10:49Z logger.go:66:                   - type                  = null
TestTerraformCompleteExample 2022-08-04T19:10:49Z logger.go:66:                 }
TestTerraformCompleteExample 2022-08-04T19:10:49Z logger.go:66:               - bootstrapEndpoint = null
TestTerraformCompleteExample 2022-08-04T19:10:49Z logger.go:66:               - endpoint          = null
TestTerraformCompleteExample 2022-08-04T19:10:49Z logger.go:66:               - tls               = {
TestTerraformCompleteExample 2022-08-04T19:10:49Z logger.go:66:                   - directoryPathInContainer = null
TestTerraformCompleteExample 2022-08-04T19:10:49Z logger.go:66:                   - enabled                  = null
TestTerraformCompleteExample 2022-08-04T19:10:49Z logger.go:66:                   - ignoreTrustStoreConfig   = null
TestTerraformCompleteExample 2022-08-04T19:10:49Z logger.go:66:                   - jksPassword              = {
TestTerraformCompleteExample 2022-08-04T19:10:49Z logger.go:66:                       - secretRef = null
TestTerraformCompleteExample 2022-08-04T19:10:49Z logger.go:66:                     }
TestTerraformCompleteExample 2022-08-04T19:10:49Z logger.go:66:                   - secretRef                = null
TestTerraformCompleteExample 2022-08-04T19:10:49Z logger.go:66:                 }
TestTerraformCompleteExample 2022-08-04T19:10:49Z logger.go:66:             }
TestTerraformCompleteExample 2022-08-04T19:10:49Z logger.go:66:           - mds            = {
TestTerraformCompleteExample 2022-08-04T19:10:49Z logger.go:66:               - endpoint     = null
TestTerraformCompleteExample 2022-08-04T19:10:49Z logger.go:66:               - kafka        = {
TestTerraformCompleteExample 2022-08-04T19:10:49Z logger.go:66:                   - authentication    = {
TestTerraformCompleteExample 2022-08-04T19:10:49Z logger.go:66:                       - jaasConfig            = {
TestTerraformCompleteExample 2022-08-04T19:10:49Z logger.go:66:                           - secretRef = null
TestTerraformCompleteExample 2022-08-04T19:10:49Z logger.go:66:                         }
TestTerraformCompleteExample 2022-08-04T19:10:49Z logger.go:66:                       - jaasConfigPassThrough = {
TestTerraformCompleteExample 2022-08-04T19:10:49Z logger.go:66:                           - directoryPathInContainer = null
TestTerraformCompleteExample 2022-08-04T19:10:49Z logger.go:66:                           - secretRef                = null
TestTerraformCompleteExample 2022-08-04T19:10:49Z logger.go:66:                         }
TestTerraformCompleteExample 2022-08-04T19:10:49Z logger.go:66:                       - oauthbearer           = {
TestTerraformCompleteExample 2022-08-04T19:10:49Z logger.go:66:                           - directoryPathInContainer = null
TestTerraformCompleteExample 2022-08-04T19:10:49Z logger.go:66:                           - secretRef                = null
TestTerraformCompleteExample 2022-08-04T19:10:49Z logger.go:66:                         }
TestTerraformCompleteExample 2022-08-04T19:10:49Z logger.go:66:                       - type                  = null
TestTerraformCompleteExample 2022-08-04T19:10:49Z logger.go:66:                     }
TestTerraformCompleteExample 2022-08-04T19:10:49Z logger.go:66:                   - bootstrapEndpoint = null
TestTerraformCompleteExample 2022-08-04T19:10:49Z logger.go:66:                   - discovery         = {
TestTerraformCompleteExample 2022-08-04T19:10:49Z logger.go:66:                       - name      = null
TestTerraformCompleteExample 2022-08-04T19:10:49Z logger.go:66:                       - namespace = null
TestTerraformCompleteExample 2022-08-04T19:10:49Z logger.go:66:                       - secretRef = null
TestTerraformCompleteExample 2022-08-04T19:10:49Z logger.go:66:                     }
TestTerraformCompleteExample 2022-08-04T19:10:49Z logger.go:66:                   - tls               = {
TestTerraformCompleteExample 2022-08-04T19:10:49Z logger.go:66:                       - directoryPathInContainer = null
TestTerraformCompleteExample 2022-08-04T19:10:49Z logger.go:66:                       - enabled                  = null
TestTerraformCompleteExample 2022-08-04T19:10:49Z logger.go:66:                       - ignoreTrustStoreConfig   = null
TestTerraformCompleteExample 2022-08-04T19:10:49Z logger.go:66:                       - jksPassword              = {
TestTerraformCompleteExample 2022-08-04T19:10:49Z logger.go:66:                           - secretRef = null
TestTerraformCompleteExample 2022-08-04T19:10:49Z logger.go:66:                         }
TestTerraformCompleteExample 2022-08-04T19:10:49Z logger.go:66:                       - secretRef                = null
TestTerraformCompleteExample 2022-08-04T19:10:49Z logger.go:66:                     }
TestTerraformCompleteExample 2022-08-04T19:10:49Z logger.go:66:                 }
TestTerraformCompleteExample 2022-08-04T19:10:49Z logger.go:66:               - tls          = {
TestTerraformCompleteExample 2022-08-04T19:10:49Z logger.go:66:                   - directoryPathInContainer = null
TestTerraformCompleteExample 2022-08-04T19:10:49Z logger.go:66:                   - enabled                  = null
TestTerraformCompleteExample 2022-08-04T19:10:49Z logger.go:66:                   - ignoreTrustStoreConfig   = null
TestTerraformCompleteExample 2022-08-04T19:10:49Z logger.go:66:                   - jksPassword              = {
TestTerraformCompleteExample 2022-08-04T19:10:49Z logger.go:66:                       - secretRef = null
TestTerraformCompleteExample 2022-08-04T19:10:49Z logger.go:66:                     }
TestTerraformCompleteExample 2022-08-04T19:10:49Z logger.go:66:                   - secretRef                = null
TestTerraformCompleteExample 2022-08-04T19:10:49Z logger.go:66:                 }
TestTerraformCompleteExample 2022-08-04T19:10:49Z logger.go:66:               - tokenKeyPair = {
TestTerraformCompleteExample 2022-08-04T19:10:49Z logger.go:66:                   - directoryPathInContainer = null
TestTerraformCompleteExample 2022-08-04T19:10:49Z logger.go:66:                   - secretRef                = null
TestTerraformCompleteExample 2022-08-04T19:10:49Z logger.go:66:                 }
TestTerraformCompleteExample 2022-08-04T19:10:49Z logger.go:66:             }
TestTerraformCompleteExample 2022-08-04T19:10:49Z logger.go:66:           - schemaRegistry = {
TestTerraformCompleteExample 2022-08-04T19:10:49Z logger.go:66:               - authentication = {
TestTerraformCompleteExample 2022-08-04T19:10:49Z logger.go:66:                   - basic = {
TestTerraformCompleteExample 2022-08-04T19:10:49Z logger.go:66:                       - debug                    = null
TestTerraformCompleteExample 2022-08-04T19:10:49Z logger.go:66:                       - directoryPathInContainer = null
TestTerraformCompleteExample 2022-08-04T19:10:49Z logger.go:66:                       - restrictedRoles          = null
TestTerraformCompleteExample 2022-08-04T19:10:49Z logger.go:66:                       - roles                    = null
TestTerraformCompleteExample 2022-08-04T19:10:49Z logger.go:66:                       - secretRef                = null
TestTerraformCompleteExample 2022-08-04T19:10:49Z logger.go:66:                     }
TestTerraformCompleteExample 2022-08-04T19:10:49Z logger.go:66:                   - type  = null
TestTerraformCompleteExample 2022-08-04T19:10:49Z logger.go:66:                 }
TestTerraformCompleteExample 2022-08-04T19:10:49Z logger.go:66:               - tls            = {
TestTerraformCompleteExample 2022-08-04T19:10:49Z logger.go:66:                   - directoryPathInContainer = null
TestTerraformCompleteExample 2022-08-04T19:10:49Z logger.go:66:                   - enabled                  = null
TestTerraformCompleteExample 2022-08-04T19:10:49Z logger.go:66:                   - ignoreTrustStoreConfig   = null
TestTerraformCompleteExample 2022-08-04T19:10:49Z logger.go:66:                   - jksPassword              = {
TestTerraformCompleteExample 2022-08-04T19:10:49Z logger.go:66:                       - secretRef = null
TestTerraformCompleteExample 2022-08-04T19:10:49Z logger.go:66:                     }
TestTerraformCompleteExample 2022-08-04T19:10:49Z logger.go:66:                   - secretRef                = null
TestTerraformCompleteExample 2022-08-04T19:10:49Z logger.go:66:                 }
TestTerraformCompleteExample 2022-08-04T19:10:49Z logger.go:66:               - url            = null
TestTerraformCompleteExample 2022-08-04T19:10:49Z logger.go:66:             }
TestTerraformCompleteExample 2022-08-04T19:10:49Z logger.go:66:           - zookeeper      = {
TestTerraformCompleteExample 2022-08-04T19:10:49Z logger.go:66:               - authentication = {
TestTerraformCompleteExample 2022-08-04T19:10:49Z logger.go:66:                   - jaasConfig            = {
TestTerraformCompleteExample 2022-08-04T19:10:49Z logger.go:66:                       - secretRef = null
TestTerraformCompleteExample 2022-08-04T19:10:49Z logger.go:66:                     }
TestTerraformCompleteExample 2022-08-04T19:10:49Z logger.go:66:                   - jaasConfigPassThrough = {
TestTerraformCompleteExample 2022-08-04T19:10:49Z logger.go:66:                       - directoryPathInContainer = null
TestTerraformCompleteExample 2022-08-04T19:10:49Z logger.go:66:                       - secretRef                = null
TestTerraformCompleteExample 2022-08-04T19:10:49Z logger.go:66:                     }
TestTerraformCompleteExample 2022-08-04T19:10:49Z logger.go:66:                   - oauthbearer           = {
TestTerraformCompleteExample 2022-08-04T19:10:49Z logger.go:66:                       - directoryPathInContainer = null
TestTerraformCompleteExample 2022-08-04T19:10:49Z logger.go:66:                       - secretRef                = null
TestTerraformCompleteExample 2022-08-04T19:10:49Z logger.go:66:                     }
TestTerraformCompleteExample 2022-08-04T19:10:49Z logger.go:66:                   - type                  = null
TestTerraformCompleteExample 2022-08-04T19:10:49Z logger.go:66:                 }
TestTerraformCompleteExample 2022-08-04T19:10:49Z logger.go:66:               - discovery      = {
TestTerraformCompleteExample 2022-08-04T19:10:49Z logger.go:66:                   - name      = null
TestTerraformCompleteExample 2022-08-04T19:10:49Z logger.go:66:                   - namespace = null
TestTerraformCompleteExample 2022-08-04T19:10:49Z logger.go:66:                   - secretRef = null
TestTerraformCompleteExample 2022-08-04T19:10:49Z logger.go:66:                 }
TestTerraformCompleteExample 2022-08-04T19:10:49Z logger.go:66:               - endpoint       = null
TestTerraformCompleteExample 2022-08-04T19:10:49Z logger.go:66:               - tls            = {
TestTerraformCompleteExample 2022-08-04T19:10:49Z logger.go:66:                   - directoryPathInContainer = null
TestTerraformCompleteExample 2022-08-04T19:10:49Z logger.go:66:                   - enabled                  = null
TestTerraformCompleteExample 2022-08-04T19:10:49Z logger.go:66:                   - ignoreTrustStoreConfig   = null
TestTerraformCompleteExample 2022-08-04T19:10:49Z logger.go:66:                   - jksPassword              = {
TestTerraformCompleteExample 2022-08-04T19:10:49Z logger.go:66:                       - secretRef = null
TestTerraformCompleteExample 2022-08-04T19:10:49Z logger.go:66:                     }
TestTerraformCompleteExample 2022-08-04T19:10:49Z logger.go:66:                   - secretRef                = null
TestTerraformCompleteExample 2022-08-04T19:10:49Z logger.go:66:                 }
TestTerraformCompleteExample 2022-08-04T19:10:49Z logger.go:66:             }
TestTerraformCompleteExample 2022-08-04T19:10:49Z logger.go:66:         }
TestTerraformCompleteExample 2022-08-04T19:10:49Z logger.go:66:       - headlessService    = {
TestTerraformCompleteExample 2022-08-04T19:10:49Z logger.go:66:           - annotations              = null
TestTerraformCompleteExample 2022-08-04T19:10:49Z logger.go:66:           - labels                   = null
TestTerraformCompleteExample 2022-08-04T19:10:49Z logger.go:66:           - publishNotReadyAddresses = null
TestTerraformCompleteExample 2022-08-04T19:10:49Z logger.go:66:         }
TestTerraformCompleteExample 2022-08-04T19:10:49Z logger.go:66:       - identityProvider   = {
TestTerraformCompleteExample 2022-08-04T19:10:49Z logger.go:66:           - ldap = {
TestTerraformCompleteExample 2022-08-04T19:10:49Z logger.go:66:               - address        = null
TestTerraformCompleteExample 2022-08-04T19:10:49Z logger.go:66:               - authentication = {
TestTerraformCompleteExample 2022-08-04T19:10:49Z logger.go:66:                   - simple = {
TestTerraformCompleteExample 2022-08-04T19:10:49Z logger.go:66:                       - directoryPathInContainer = null
TestTerraformCompleteExample 2022-08-04T19:10:49Z logger.go:66:                       - secretRef                = null
TestTerraformCompleteExample 2022-08-04T19:10:49Z logger.go:66:                     }
TestTerraformCompleteExample 2022-08-04T19:10:49Z logger.go:66:                   - type   = null
TestTerraformCompleteExample 2022-08-04T19:10:49Z logger.go:66:                 }
TestTerraformCompleteExample 2022-08-04T19:10:49Z logger.go:66:               - configurations = {
TestTerraformCompleteExample 2022-08-04T19:10:49Z logger.go:66:                   - groupMemberAttribute         = null
TestTerraformCompleteExample 2022-08-04T19:10:49Z logger.go:66:                   - groupMemberAttributePattern  = null
TestTerraformCompleteExample 2022-08-04T19:10:49Z logger.go:66:                   - groupNameAttribute           = null
TestTerraformCompleteExample 2022-08-04T19:10:49Z logger.go:66:                   - groupObjectClass             = null
TestTerraformCompleteExample 2022-08-04T19:10:49Z logger.go:66:                   - groupSearchBase              = null
TestTerraformCompleteExample 2022-08-04T19:10:49Z logger.go:66:                   - groupSearchFilter            = null
TestTerraformCompleteExample 2022-08-04T19:10:49Z logger.go:66:                   - groupSearchScope             = null
TestTerraformCompleteExample 2022-08-04T19:10:49Z logger.go:66:                   - userMemberOfAttributePattern = null
TestTerraformCompleteExample 2022-08-04T19:10:49Z logger.go:66:                   - userNameAttribute            = null
TestTerraformCompleteExample 2022-08-04T19:10:49Z logger.go:66:                   - userObjectClass              = null
TestTerraformCompleteExample 2022-08-04T19:10:49Z logger.go:66:                   - userSearchBase               = null
TestTerraformCompleteExample 2022-08-04T19:10:49Z logger.go:66:                   - userSearchFilter             = null
TestTerraformCompleteExample 2022-08-04T19:10:49Z logger.go:66:                   - userSearchScope              = null
TestTerraformCompleteExample 2022-08-04T19:10:49Z logger.go:66:                 }
TestTerraformCompleteExample 2022-08-04T19:10:49Z logger.go:66:               - tls            = {
TestTerraformCompleteExample 2022-08-04T19:10:49Z logger.go:66:                   - directoryPathInContainer = null
TestTerraformCompleteExample 2022-08-04T19:10:49Z logger.go:66:                   - enabled                  = null
TestTerraformCompleteExample 2022-08-04T19:10:49Z logger.go:66:                   - ignoreTrustStoreConfig   = null
TestTerraformCompleteExample 2022-08-04T19:10:49Z logger.go:66:                   - jksPassword              = {
TestTerraformCompleteExample 2022-08-04T19:10:49Z logger.go:66:                       - secretRef = null
TestTerraformCompleteExample 2022-08-04T19:10:49Z logger.go:66:                     }
TestTerraformCompleteExample 2022-08-04T19:10:49Z logger.go:66:                   - secretRef                = null
TestTerraformCompleteExample 2022-08-04T19:10:49Z logger.go:66:                 }
TestTerraformCompleteExample 2022-08-04T19:10:49Z logger.go:66:             }
TestTerraformCompleteExample 2022-08-04T19:10:49Z logger.go:66:           - type = null
TestTerraformCompleteExample 2022-08-04T19:10:49Z logger.go:66:         }
TestTerraformCompleteExample 2022-08-04T19:10:49Z logger.go:66:       - image              = {
TestTerraformCompleteExample 2022-08-04T19:10:49Z logger.go:66:           - application   = "confluentinc/cp-server:7.2.0"
TestTerraformCompleteExample 2022-08-04T19:10:49Z logger.go:66:           - init          = "confluentinc/confluent-init-container:2.4.0"
TestTerraformCompleteExample 2022-08-04T19:10:49Z logger.go:66:           - pullPolicy    = null
TestTerraformCompleteExample 2022-08-04T19:10:49Z logger.go:66:           - pullSecretRef = null
TestTerraformCompleteExample 2022-08-04T19:10:49Z logger.go:66:         }
TestTerraformCompleteExample 2022-08-04T19:10:49Z logger.go:66:       - injectAnnotations  = null
TestTerraformCompleteExample 2022-08-04T19:10:49Z logger.go:66:       - injectLabels       = null
TestTerraformCompleteExample 2022-08-04T19:10:49Z logger.go:66:       - k8sClusterDomain   = null
TestTerraformCompleteExample 2022-08-04T19:10:49Z logger.go:66:       - license            = {
TestTerraformCompleteExample 2022-08-04T19:10:49Z logger.go:66:           - directoryPathInContainer = null
TestTerraformCompleteExample 2022-08-04T19:10:49Z logger.go:66:           - globalLicense            = null
TestTerraformCompleteExample 2022-08-04T19:10:49Z logger.go:66:           - secretRef                = null
TestTerraformCompleteExample 2022-08-04T19:10:49Z logger.go:66:         }
TestTerraformCompleteExample 2022-08-04T19:10:49Z logger.go:66:       - listeners          = {
TestTerraformCompleteExample 2022-08-04T19:10:49Z logger.go:66:           - custom   = null
TestTerraformCompleteExample 2022-08-04T19:10:49Z logger.go:66:           - external = {
TestTerraformCompleteExample 2022-08-04T19:10:49Z logger.go:66:               - authentication = {
TestTerraformCompleteExample 2022-08-04T19:10:49Z logger.go:66:                   - jaasConfig            = {
TestTerraformCompleteExample 2022-08-04T19:10:49Z logger.go:66:                       - secretRef = null
TestTerraformCompleteExample 2022-08-04T19:10:49Z logger.go:66:                     }
TestTerraformCompleteExample 2022-08-04T19:10:49Z logger.go:66:                   - jaasConfigPassThrough = {
TestTerraformCompleteExample 2022-08-04T19:10:49Z logger.go:66:                       - directoryPathInContainer = null
TestTerraformCompleteExample 2022-08-04T19:10:49Z logger.go:66:                       - secretRef                = null
TestTerraformCompleteExample 2022-08-04T19:10:49Z logger.go:66:                     }
TestTerraformCompleteExample 2022-08-04T19:10:49Z logger.go:66:                   - principalMappingRules = null
TestTerraformCompleteExample 2022-08-04T19:10:49Z logger.go:66:                   - type                  = null
TestTerraformCompleteExample 2022-08-04T19:10:49Z logger.go:66:                 }
TestTerraformCompleteExample 2022-08-04T19:10:49Z logger.go:66:               - externalAccess = {
TestTerraformCompleteExample 2022-08-04T19:10:49Z logger.go:66:                   - loadBalancer              = {
TestTerraformCompleteExample 2022-08-04T19:10:49Z logger.go:66:                       - advertisedPort           = null
TestTerraformCompleteExample 2022-08-04T19:10:49Z logger.go:66:                       - annotations              = null
TestTerraformCompleteExample 2022-08-04T19:10:49Z logger.go:66:                       - bootstrapPrefix          = null
TestTerraformCompleteExample 2022-08-04T19:10:49Z logger.go:66:                       - brokerPrefix             = null
TestTerraformCompleteExample 2022-08-04T19:10:49Z logger.go:66:                       - domain                   = null
TestTerraformCompleteExample 2022-08-04T19:10:49Z logger.go:66:                       - externalTrafficPolicy    = null
TestTerraformCompleteExample 2022-08-04T19:10:49Z logger.go:66:                       - labels                   = null
TestTerraformCompleteExample 2022-08-04T19:10:49Z logger.go:66:                       - loadBalancerSourceRanges = null
TestTerraformCompleteExample 2022-08-04T19:10:49Z logger.go:66:                       - servicePorts             = null
TestTerraformCompleteExample 2022-08-04T19:10:49Z logger.go:66:                       - sessionAffinity          = null
TestTerraformCompleteExample 2022-08-04T19:10:49Z logger.go:66:                       - sessionAffinityConfig    = {
TestTerraformCompleteExample 2022-08-04T19:10:49Z logger.go:66:                           - clientIP = {
TestTerraformCompleteExample 2022-08-04T19:10:49Z logger.go:66:                               - timeoutSeconds = null
TestTerraformCompleteExample 2022-08-04T19:10:49Z logger.go:66:                             }
TestTerraformCompleteExample 2022-08-04T19:10:49Z logger.go:66:                         }
TestTerraformCompleteExample 2022-08-04T19:10:49Z logger.go:66:                     }
TestTerraformCompleteExample 2022-08-04T19:10:49Z logger.go:66:                   - nodePort                  = {
TestTerraformCompleteExample 2022-08-04T19:10:49Z logger.go:66:                       - advertisedURL         = {
TestTerraformCompleteExample 2022-08-04T19:10:49Z logger.go:66:                           - enabled = null
TestTerraformCompleteExample 2022-08-04T19:10:49Z logger.go:66:                           - prefix  = null
TestTerraformCompleteExample 2022-08-04T19:10:49Z logger.go:66:                         }
TestTerraformCompleteExample 2022-08-04T19:10:49Z logger.go:66:                       - annotations           = null
TestTerraformCompleteExample 2022-08-04T19:10:49Z logger.go:66:                       - externalTrafficPolicy = null
TestTerraformCompleteExample 2022-08-04T19:10:49Z logger.go:66:                       - host                  = null
TestTerraformCompleteExample 2022-08-04T19:10:49Z logger.go:66:                       - labels                = null
TestTerraformCompleteExample 2022-08-04T19:10:49Z logger.go:66:                       - nodePortOffset        = null
TestTerraformCompleteExample 2022-08-04T19:10:49Z logger.go:66:                       - servicePorts          = null
TestTerraformCompleteExample 2022-08-04T19:10:49Z logger.go:66:                       - sessionAffinity       = null
TestTerraformCompleteExample 2022-08-04T19:10:49Z logger.go:66:                       - sessionAffinityConfig = {
TestTerraformCompleteExample 2022-08-04T19:10:49Z logger.go:66:                           - clientIP = {
TestTerraformCompleteExample 2022-08-04T19:10:49Z logger.go:66:                               - timeoutSeconds = null
TestTerraformCompleteExample 2022-08-04T19:10:49Z logger.go:66:                             }
TestTerraformCompleteExample 2022-08-04T19:10:49Z logger.go:66:                         }
TestTerraformCompleteExample 2022-08-04T19:10:49Z logger.go:66:                     }
TestTerraformCompleteExample 2022-08-04T19:10:49Z logger.go:66:                   - route                     = {
TestTerraformCompleteExample 2022-08-04T19:10:49Z logger.go:66:                       - annotations     = null
TestTerraformCompleteExample 2022-08-04T19:10:49Z logger.go:66:                       - bootstrapPrefix = null
TestTerraformCompleteExample 2022-08-04T19:10:49Z logger.go:66:                       - brokerPrefix    = null
TestTerraformCompleteExample 2022-08-04T19:10:49Z logger.go:66:                       - domain          = null
TestTerraformCompleteExample 2022-08-04T19:10:49Z logger.go:66:                       - labels          = null
TestTerraformCompleteExample 2022-08-04T19:10:49Z logger.go:66:                       - wildcardPolicy  = null
TestTerraformCompleteExample 2022-08-04T19:10:49Z logger.go:66:                     }
TestTerraformCompleteExample 2022-08-04T19:10:49Z logger.go:66:                   - staticForHostBasedRouting = {
TestTerraformCompleteExample 2022-08-04T19:10:49Z logger.go:66:                       - brokerPrefix = null
TestTerraformCompleteExample 2022-08-04T19:10:49Z logger.go:66:                       - domain       = null
TestTerraformCompleteExample 2022-08-04T19:10:49Z logger.go:66:                       - port         = null
TestTerraformCompleteExample 2022-08-04T19:10:49Z logger.go:66:                     }
TestTerraformCompleteExample 2022-08-04T19:10:49Z logger.go:66:                   - staticForPortBasedRouting = {
TestTerraformCompleteExample 2022-08-04T19:10:49Z logger.go:66:                       - host       = null
TestTerraformCompleteExample 2022-08-04T19:10:49Z logger.go:66:                       - portOffset = null
TestTerraformCompleteExample 2022-08-04T19:10:49Z logger.go:66:                     }
TestTerraformCompleteExample 2022-08-04T19:10:49Z logger.go:66:                   - type                      = null
TestTerraformCompleteExample 2022-08-04T19:10:49Z logger.go:66:                 }
TestTerraformCompleteExample 2022-08-04T19:10:49Z logger.go:66:               - tls            = {
TestTerraformCompleteExample 2022-08-04T19:10:49Z logger.go:66:                   - directoryPathInContainer = null
TestTerraformCompleteExample 2022-08-04T19:10:49Z logger.go:66:                   - enabled                  = null
TestTerraformCompleteExample 2022-08-04T19:10:49Z logger.go:66:                   - ignoreTrustStoreConfig   = null
TestTerraformCompleteExample 2022-08-04T19:10:49Z logger.go:66:                   - jksPassword              = {
TestTerraformCompleteExample 2022-08-04T19:10:49Z logger.go:66:                       - secretRef = null
TestTerraformCompleteExample 2022-08-04T19:10:49Z logger.go:66:                     }
TestTerraformCompleteExample 2022-08-04T19:10:49Z logger.go:66:                   - secretRef                = null
TestTerraformCompleteExample 2022-08-04T19:10:49Z logger.go:66:                 }
TestTerraformCompleteExample 2022-08-04T19:10:49Z logger.go:66:             }
TestTerraformCompleteExample 2022-08-04T19:10:49Z logger.go:66:           - internal = {
TestTerraformCompleteExample 2022-08-04T19:10:49Z logger.go:66:               - authentication = {
TestTerraformCompleteExample 2022-08-04T19:10:49Z logger.go:66:                   - jaasConfig            = {
TestTerraformCompleteExample 2022-08-04T19:10:49Z logger.go:66:                       - secretRef = null
TestTerraformCompleteExample 2022-08-04T19:10:49Z logger.go:66:                     }
TestTerraformCompleteExample 2022-08-04T19:10:49Z logger.go:66:                   - jaasConfigPassThrough = {
TestTerraformCompleteExample 2022-08-04T19:10:49Z logger.go:66:                       - directoryPathInContainer = null
TestTerraformCompleteExample 2022-08-04T19:10:49Z logger.go:66:                       - secretRef                = null
TestTerraformCompleteExample 2022-08-04T19:10:49Z logger.go:66:                     }
TestTerraformCompleteExample 2022-08-04T19:10:49Z logger.go:66:                   - principalMappingRules = null
TestTerraformCompleteExample 2022-08-04T19:10:49Z logger.go:66:                   - type                  = null
TestTerraformCompleteExample 2022-08-04T19:10:49Z logger.go:66:                 }
TestTerraformCompleteExample 2022-08-04T19:10:49Z logger.go:66:               - tls            = {
TestTerraformCompleteExample 2022-08-04T19:10:49Z logger.go:66:                   - directoryPathInContainer = null
TestTerraformCompleteExample 2022-08-04T19:10:49Z logger.go:66:                   - enabled                  = null
TestTerraformCompleteExample 2022-08-04T19:10:49Z logger.go:66:                   - ignoreTrustStoreConfig   = null
TestTerraformCompleteExample 2022-08-04T19:10:49Z logger.go:66:                   - jksPassword              = {
TestTerraformCompleteExample 2022-08-04T19:10:49Z logger.go:66:                       - secretRef = null
TestTerraformCompleteExample 2022-08-04T19:10:49Z logger.go:66:                     }
TestTerraformCompleteExample 2022-08-04T19:10:49Z logger.go:66:                   - secretRef                = null
TestTerraformCompleteExample 2022-08-04T19:10:49Z logger.go:66:                 }
TestTerraformCompleteExample 2022-08-04T19:10:49Z logger.go:66:             }
TestTerraformCompleteExample 2022-08-04T19:10:49Z logger.go:66:         }
TestTerraformCompleteExample 2022-08-04T19:10:49Z logger.go:66:       - metricReporter     = {
TestTerraformCompleteExample 2022-08-04T19:10:49Z logger.go:66:           - authentication    = {
TestTerraformCompleteExample 2022-08-04T19:10:49Z logger.go:66:               - jaasConfig            = {
TestTerraformCompleteExample 2022-08-04T19:10:49Z logger.go:66:                   - secretRef = null
TestTerraformCompleteExample 2022-08-04T19:10:49Z logger.go:66:                 }
TestTerraformCompleteExample 2022-08-04T19:10:49Z logger.go:66:               - jaasConfigPassThrough = {
TestTerraformCompleteExample 2022-08-04T19:10:49Z logger.go:66:                   - directoryPathInContainer = null
TestTerraformCompleteExample 2022-08-04T19:10:49Z logger.go:66:                   - secretRef                = null
TestTerraformCompleteExample 2022-08-04T19:10:49Z logger.go:66:                 }
TestTerraformCompleteExample 2022-08-04T19:10:49Z logger.go:66:               - oauthbearer           = {
TestTerraformCompleteExample 2022-08-04T19:10:49Z logger.go:66:                   - directoryPathInContainer = null
TestTerraformCompleteExample 2022-08-04T19:10:49Z logger.go:66:                   - secretRef                = null
TestTerraformCompleteExample 2022-08-04T19:10:49Z logger.go:66:                 }
TestTerraformCompleteExample 2022-08-04T19:10:49Z logger.go:66:               - type                  = null
TestTerraformCompleteExample 2022-08-04T19:10:49Z logger.go:66:             }
TestTerraformCompleteExample 2022-08-04T19:10:49Z logger.go:66:           - bootstrapEndpoint = null
TestTerraformCompleteExample 2022-08-04T19:10:49Z logger.go:66:           - enabled           = true
TestTerraformCompleteExample 2022-08-04T19:10:49Z logger.go:66:           - replicationFactor = null
TestTerraformCompleteExample 2022-08-04T19:10:49Z logger.go:66:           - tls               = {
TestTerraformCompleteExample 2022-08-04T19:10:49Z logger.go:66:               - directoryPathInContainer = null
TestTerraformCompleteExample 2022-08-04T19:10:49Z logger.go:66:               - enabled                  = null
TestTerraformCompleteExample 2022-08-04T19:10:49Z logger.go:66:               - ignoreTrustStoreConfig   = null
TestTerraformCompleteExample 2022-08-04T19:10:49Z logger.go:66:               - jksPassword              = {
TestTerraformCompleteExample 2022-08-04T19:10:49Z logger.go:66:                   - secretRef = null
TestTerraformCompleteExample 2022-08-04T19:10:49Z logger.go:66:                 }
TestTerraformCompleteExample 2022-08-04T19:10:49Z logger.go:66:               - secretRef                = null
TestTerraformCompleteExample 2022-08-04T19:10:49Z logger.go:66:             }
TestTerraformCompleteExample 2022-08-04T19:10:49Z logger.go:66:         }
TestTerraformCompleteExample 2022-08-04T19:10:49Z logger.go:66:       - metrics            = {
TestTerraformCompleteExample 2022-08-04T19:10:49Z logger.go:66:           - authentication = {
TestTerraformCompleteExample 2022-08-04T19:10:49Z logger.go:66:               - type = null
TestTerraformCompleteExample 2022-08-04T19:10:49Z logger.go:66:             }
TestTerraformCompleteExample 2022-08-04T19:10:49Z logger.go:66:           - prometheus     = {
TestTerraformCompleteExample 2022-08-04T19:10:49Z logger.go:66:               - blacklist = null
TestTerraformCompleteExample 2022-08-04T19:10:49Z logger.go:66:               - rules     = null
TestTerraformCompleteExample 2022-08-04T19:10:49Z logger.go:66:               - whitelist = null
TestTerraformCompleteExample 2022-08-04T19:10:49Z logger.go:66:             }
TestTerraformCompleteExample 2022-08-04T19:10:49Z logger.go:66:           - tls            = {
TestTerraformCompleteExample 2022-08-04T19:10:49Z logger.go:66:               - directoryPathInContainer = null
TestTerraformCompleteExample 2022-08-04T19:10:49Z logger.go:66:               - enabled                  = null
TestTerraformCompleteExample 2022-08-04T19:10:49Z logger.go:66:               - ignoreTrustStoreConfig   = null
TestTerraformCompleteExample 2022-08-04T19:10:49Z logger.go:66:               - jksPassword              = {
TestTerraformCompleteExample 2022-08-04T19:10:49Z logger.go:66:                   - secretRef = null
TestTerraformCompleteExample 2022-08-04T19:10:49Z logger.go:66:                 }
TestTerraformCompleteExample 2022-08-04T19:10:49Z logger.go:66:               - secretRef                = null
TestTerraformCompleteExample 2022-08-04T19:10:49Z logger.go:66:             }
TestTerraformCompleteExample 2022-08-04T19:10:49Z logger.go:66:         }
TestTerraformCompleteExample 2022-08-04T19:10:49Z logger.go:66:       - mountedSecrets     = null
TestTerraformCompleteExample 2022-08-04T19:10:49Z logger.go:66:       - mountedVolumes     = {
TestTerraformCompleteExample 2022-08-04T19:10:49Z logger.go:66:           - volumeMounts = null
TestTerraformCompleteExample 2022-08-04T19:10:49Z logger.go:66:           - volumes      = null
TestTerraformCompleteExample 2022-08-04T19:10:49Z logger.go:66:         }
TestTerraformCompleteExample 2022-08-04T19:10:49Z logger.go:66:       - oneReplicaPerNode  = null
TestTerraformCompleteExample 2022-08-04T19:10:49Z logger.go:66:       - passwordEncoder    = {
TestTerraformCompleteExample 2022-08-04T19:10:49Z logger.go:66:           - directoryPathInContainer = null
TestTerraformCompleteExample 2022-08-04T19:10:49Z logger.go:66:           - secretRef                = null
TestTerraformCompleteExample 2022-08-04T19:10:49Z logger.go:66:         }
TestTerraformCompleteExample 2022-08-04T19:10:49Z logger.go:66:       - podTemplate        = {
TestTerraformCompleteExample 2022-08-04T19:10:49Z logger.go:66:           - affinity                      = {
TestTerraformCompleteExample 2022-08-04T19:10:49Z logger.go:66:               - nodeAffinity    = {
TestTerraformCompleteExample 2022-08-04T19:10:49Z logger.go:66:                   - preferredDuringSchedulingIgnoredDuringExecution = null
TestTerraformCompleteExample 2022-08-04T19:10:49Z logger.go:66:                   - requiredDuringSchedulingIgnoredDuringExecution  = {
TestTerraformCompleteExample 2022-08-04T19:10:49Z logger.go:66:                       - nodeSelectorTerms = null
TestTerraformCompleteExample 2022-08-04T19:10:49Z logger.go:66:                     }
TestTerraformCompleteExample 2022-08-04T19:10:49Z logger.go:66:                 }
TestTerraformCompleteExample 2022-08-04T19:10:49Z logger.go:66:               - podAffinity     = {
TestTerraformCompleteExample 2022-08-04T19:10:49Z logger.go:66:                   - preferredDuringSchedulingIgnoredDuringExecution = null
TestTerraformCompleteExample 2022-08-04T19:10:49Z logger.go:66:                   - requiredDuringSchedulingIgnoredDuringExecution  = null
TestTerraformCompleteExample 2022-08-04T19:10:49Z logger.go:66:                 }
TestTerraformCompleteExample 2022-08-04T19:10:49Z logger.go:66:               - podAntiAffinity = {
TestTerraformCompleteExample 2022-08-04T19:10:49Z logger.go:66:                   - preferredDuringSchedulingIgnoredDuringExecution = null
TestTerraformCompleteExample 2022-08-04T19:10:49Z logger.go:66:                   - requiredDuringSchedulingIgnoredDuringExecution  = null
TestTerraformCompleteExample 2022-08-04T19:10:49Z logger.go:66:                 }
TestTerraformCompleteExample 2022-08-04T19:10:49Z logger.go:66:             }
TestTerraformCompleteExample 2022-08-04T19:10:49Z logger.go:66:           - annotations                   = null
TestTerraformCompleteExample 2022-08-04T19:10:49Z logger.go:66:           - envVars                       = null
TestTerraformCompleteExample 2022-08-04T19:10:49Z logger.go:66:           - labels                        = null
TestTerraformCompleteExample 2022-08-04T19:10:49Z logger.go:66:           - podSecurityContext            = {
TestTerraformCompleteExample 2022-08-04T19:10:49Z logger.go:66:               - fsGroup             = null
TestTerraformCompleteExample 2022-08-04T19:10:49Z logger.go:66:               - fsGroupChangePolicy = null
TestTerraformCompleteExample 2022-08-04T19:10:49Z logger.go:66:               - runAsGroup          = null
TestTerraformCompleteExample 2022-08-04T19:10:49Z logger.go:66:               - runAsNonRoot        = null
TestTerraformCompleteExample 2022-08-04T19:10:49Z logger.go:66:               - runAsUser           = null
TestTerraformCompleteExample 2022-08-04T19:10:49Z logger.go:66:               - seLinuxOptions      = {
TestTerraformCompleteExample 2022-08-04T19:10:49Z logger.go:66:                   - level = null
TestTerraformCompleteExample 2022-08-04T19:10:49Z logger.go:66:                   - role  = null
TestTerraformCompleteExample 2022-08-04T19:10:49Z logger.go:66:                   - type  = null
TestTerraformCompleteExample 2022-08-04T19:10:49Z logger.go:66:                   - user  = null
TestTerraformCompleteExample 2022-08-04T19:10:49Z logger.go:66:                 }
TestTerraformCompleteExample 2022-08-04T19:10:49Z logger.go:66:               - seccompProfile      = {
TestTerraformCompleteExample 2022-08-04T19:10:49Z logger.go:66:                   - localhostProfile = null
TestTerraformCompleteExample 2022-08-04T19:10:49Z logger.go:66:                   - type             = null
TestTerraformCompleteExample 2022-08-04T19:10:49Z logger.go:66:                 }
TestTerraformCompleteExample 2022-08-04T19:10:49Z logger.go:66:               - supplementalGroups  = null
TestTerraformCompleteExample 2022-08-04T19:10:49Z logger.go:66:               - sysctls             = null
TestTerraformCompleteExample 2022-08-04T19:10:49Z logger.go:66:               - windowsOptions      = {
TestTerraformCompleteExample 2022-08-04T19:10:49Z logger.go:66:                   - gmsaCredentialSpec     = null
TestTerraformCompleteExample 2022-08-04T19:10:49Z logger.go:66:                   - gmsaCredentialSpecName = null
TestTerraformCompleteExample 2022-08-04T19:10:49Z logger.go:66:                   - hostProcess            = null
TestTerraformCompleteExample 2022-08-04T19:10:49Z logger.go:66:                   - runAsUserName          = null
TestTerraformCompleteExample 2022-08-04T19:10:49Z logger.go:66:                 }
TestTerraformCompleteExample 2022-08-04T19:10:49Z logger.go:66:             }
TestTerraformCompleteExample 2022-08-04T19:10:49Z logger.go:66:           - priorityClassName             = null
TestTerraformCompleteExample 2022-08-04T19:10:49Z logger.go:66:           - probe                         = {
TestTerraformCompleteExample 2022-08-04T19:10:49Z logger.go:66:               - liveness  = {
TestTerraformCompleteExample 2022-08-04T19:10:49Z logger.go:66:                   - failureThreshold    = null
TestTerraformCompleteExample 2022-08-04T19:10:49Z logger.go:66:                   - initialDelaySeconds = null
TestTerraformCompleteExample 2022-08-04T19:10:49Z logger.go:66:                   - periodSeconds       = null
TestTerraformCompleteExample 2022-08-04T19:10:49Z logger.go:66:                   - successThreshold    = null
TestTerraformCompleteExample 2022-08-04T19:10:49Z logger.go:66:                   - timeoutSeconds      = null
TestTerraformCompleteExample 2022-08-04T19:10:49Z logger.go:66:                 }
TestTerraformCompleteExample 2022-08-04T19:10:49Z logger.go:66:               - readiness = {
TestTerraformCompleteExample 2022-08-04T19:10:49Z logger.go:66:                   - failureThreshold    = null
TestTerraformCompleteExample 2022-08-04T19:10:49Z logger.go:66:                   - initialDelaySeconds = null
TestTerraformCompleteExample 2022-08-04T19:10:49Z logger.go:66:                   - periodSeconds       = null
TestTerraformCompleteExample 2022-08-04T19:10:49Z logger.go:66:                   - successThreshold    = null
TestTerraformCompleteExample 2022-08-04T19:10:49Z logger.go:66:                   - timeoutSeconds      = null
TestTerraformCompleteExample 2022-08-04T19:10:49Z logger.go:66:                 }
TestTerraformCompleteExample 2022-08-04T19:10:49Z logger.go:66:             }
TestTerraformCompleteExample 2022-08-04T19:10:49Z logger.go:66:           - resources                     = {
TestTerraformCompleteExample 2022-08-04T19:10:49Z logger.go:66:               - limits   = null
TestTerraformCompleteExample 2022-08-04T19:10:49Z logger.go:66:               - requests = null
TestTerraformCompleteExample 2022-08-04T19:10:49Z logger.go:66:             }
TestTerraformCompleteExample 2022-08-04T19:10:49Z logger.go:66:           - securityContext               = {
TestTerraformCompleteExample 2022-08-04T19:10:49Z logger.go:66:               - allowPrivilegeEscalation = null
TestTerraformCompleteExample 2022-08-04T19:10:49Z logger.go:66:               - capabilities             = {
TestTerraformCompleteExample 2022-08-04T19:10:49Z logger.go:66:                   - add  = null
TestTerraformCompleteExample 2022-08-04T19:10:49Z logger.go:66:                   - drop = null
TestTerraformCompleteExample 2022-08-04T19:10:49Z logger.go:66:                 }
TestTerraformCompleteExample 2022-08-04T19:10:49Z logger.go:66:               - privileged               = null
TestTerraformCompleteExample 2022-08-04T19:10:49Z logger.go:66:               - procMount                = null
TestTerraformCompleteExample 2022-08-04T19:10:49Z logger.go:66:               - readOnlyRootFilesystem   = null
TestTerraformCompleteExample 2022-08-04T19:10:49Z logger.go:66:               - runAsGroup               = null
TestTerraformCompleteExample 2022-08-04T19:10:49Z logger.go:66:               - runAsNonRoot             = null
TestTerraformCompleteExample 2022-08-04T19:10:49Z logger.go:66:               - runAsUser                = null
TestTerraformCompleteExample 2022-08-04T19:10:49Z logger.go:66:               - seLinuxOptions           = {
TestTerraformCompleteExample 2022-08-04T19:10:49Z logger.go:66:                   - level = null
TestTerraformCompleteExample 2022-08-04T19:10:49Z logger.go:66:                   - role  = null
TestTerraformCompleteExample 2022-08-04T19:10:49Z logger.go:66:                   - type  = null
TestTerraformCompleteExample 2022-08-04T19:10:49Z logger.go:66:                   - user  = null
TestTerraformCompleteExample 2022-08-04T19:10:49Z logger.go:66:                 }
TestTerraformCompleteExample 2022-08-04T19:10:49Z logger.go:66:               - seccompProfile           = {
TestTerraformCompleteExample 2022-08-04T19:10:49Z logger.go:66:                   - localhostProfile = null
TestTerraformCompleteExample 2022-08-04T19:10:49Z logger.go:66:                   - type             = null
TestTerraformCompleteExample 2022-08-04T19:10:49Z logger.go:66:                 }
TestTerraformCompleteExample 2022-08-04T19:10:49Z logger.go:66:               - windowsOptions           = {
TestTerraformCompleteExample 2022-08-04T19:10:49Z logger.go:66:                   - gmsaCredentialSpec     = null
TestTerraformCompleteExample 2022-08-04T19:10:49Z logger.go:66:                   - gmsaCredentialSpecName = null
TestTerraformCompleteExample 2022-08-04T19:10:49Z logger.go:66:                   - hostProcess            = null
TestTerraformCompleteExample 2022-08-04T19:10:49Z logger.go:66:                   - runAsUserName          = null
TestTerraformCompleteExample 2022-08-04T19:10:49Z logger.go:66:                 }
TestTerraformCompleteExample 2022-08-04T19:10:49Z logger.go:66:             }
TestTerraformCompleteExample 2022-08-04T19:10:49Z logger.go:66:           - serviceAccountName            = null
TestTerraformCompleteExample 2022-08-04T19:10:49Z logger.go:66:           - terminationGracePeriodSeconds = null
TestTerraformCompleteExample 2022-08-04T19:10:49Z logger.go:66:           - tolerations                   = null
TestTerraformCompleteExample 2022-08-04T19:10:49Z logger.go:66:           - topologySpreadConstraints     = null
TestTerraformCompleteExample 2022-08-04T19:10:49Z logger.go:66:         }
TestTerraformCompleteExample 2022-08-04T19:10:49Z logger.go:66:       - rackAssignment     = {
TestTerraformCompleteExample 2022-08-04T19:10:49Z logger.go:66:           - availabilityZoneCount = null
TestTerraformCompleteExample 2022-08-04T19:10:49Z logger.go:66:           - nodeLabels            = null
TestTerraformCompleteExample 2022-08-04T19:10:49Z logger.go:66:         }
TestTerraformCompleteExample 2022-08-04T19:10:49Z logger.go:66:       - replicas           = 3
TestTerraformCompleteExample 2022-08-04T19:10:49Z logger.go:66:       - services           = {
TestTerraformCompleteExample 2022-08-04T19:10:49Z logger.go:66:           - kafkaRest = {
TestTerraformCompleteExample 2022-08-04T19:10:49Z logger.go:66:               - authentication = {
TestTerraformCompleteExample 2022-08-04T19:10:49Z logger.go:66:                   - basic = {
TestTerraformCompleteExample 2022-08-04T19:10:49Z logger.go:66:                       - debug                    = null
TestTerraformCompleteExample 2022-08-04T19:10:49Z logger.go:66:                       - directoryPathInContainer = null
TestTerraformCompleteExample 2022-08-04T19:10:49Z logger.go:66:                       - restrictedRoles          = null
TestTerraformCompleteExample 2022-08-04T19:10:49Z logger.go:66:                       - roles                    = null
TestTerraformCompleteExample 2022-08-04T19:10:49Z logger.go:66:                       - secretRef                = null
TestTerraformCompleteExample 2022-08-04T19:10:49Z logger.go:66:                     }
TestTerraformCompleteExample 2022-08-04T19:10:49Z logger.go:66:                   - type  = null
TestTerraformCompleteExample 2022-08-04T19:10:49Z logger.go:66:                 }
TestTerraformCompleteExample 2022-08-04T19:10:49Z logger.go:66:               - externalAccess = {
TestTerraformCompleteExample 2022-08-04T19:10:49Z logger.go:66:                   - loadBalancer = {
TestTerraformCompleteExample 2022-08-04T19:10:49Z logger.go:66:                       - advertisedURL            = {
TestTerraformCompleteExample 2022-08-04T19:10:49Z logger.go:66:                           - enabled = null
TestTerraformCompleteExample 2022-08-04T19:10:49Z logger.go:66:                           - prefix  = null
TestTerraformCompleteExample 2022-08-04T19:10:49Z logger.go:66:                         }
TestTerraformCompleteExample 2022-08-04T19:10:49Z logger.go:66:                       - annotations              = null
TestTerraformCompleteExample 2022-08-04T19:10:49Z logger.go:66:                       - domain                   = null
TestTerraformCompleteExample 2022-08-04T19:10:49Z logger.go:66:                       - externalTrafficPolicy    = null
TestTerraformCompleteExample 2022-08-04T19:10:49Z logger.go:66:                       - labels                   = null
TestTerraformCompleteExample 2022-08-04T19:10:49Z logger.go:66:                       - loadBalancerSourceRanges = null
TestTerraformCompleteExample 2022-08-04T19:10:49Z logger.go:66:                       - port                     = null
TestTerraformCompleteExample 2022-08-04T19:10:49Z logger.go:66:                       - prefix                   = null
TestTerraformCompleteExample 2022-08-04T19:10:49Z logger.go:66:                       - servicePorts             = null
TestTerraformCompleteExample 2022-08-04T19:10:49Z logger.go:66:                       - sessionAffinity          = null
TestTerraformCompleteExample 2022-08-04T19:10:49Z logger.go:66:                       - sessionAffinityConfig    = {
TestTerraformCompleteExample 2022-08-04T19:10:49Z logger.go:66:                           - clientIP = {
TestTerraformCompleteExample 2022-08-04T19:10:49Z logger.go:66:                               - timeoutSeconds = null
TestTerraformCompleteExample 2022-08-04T19:10:49Z logger.go:66:                             }
TestTerraformCompleteExample 2022-08-04T19:10:49Z logger.go:66:                         }
TestTerraformCompleteExample 2022-08-04T19:10:49Z logger.go:66:                     }
TestTerraformCompleteExample 2022-08-04T19:10:49Z logger.go:66:                   - nodePort     = {
TestTerraformCompleteExample 2022-08-04T19:10:49Z logger.go:66:                       - advertisedURL         = {
TestTerraformCompleteExample 2022-08-04T19:10:49Z logger.go:66:                           - enabled = null
TestTerraformCompleteExample 2022-08-04T19:10:49Z logger.go:66:                           - prefix  = null
TestTerraformCompleteExample 2022-08-04T19:10:49Z logger.go:66:                         }
TestTerraformCompleteExample 2022-08-04T19:10:49Z logger.go:66:                       - annotations           = null
TestTerraformCompleteExample 2022-08-04T19:10:49Z logger.go:66:                       - externalTrafficPolicy = null
TestTerraformCompleteExample 2022-08-04T19:10:49Z logger.go:66:                       - host                  = null
TestTerraformCompleteExample 2022-08-04T19:10:49Z logger.go:66:                       - labels                = null
TestTerraformCompleteExample 2022-08-04T19:10:49Z logger.go:66:                       - nodePortOffset        = null
TestTerraformCompleteExample 2022-08-04T19:10:49Z logger.go:66:                       - servicePorts          = null
TestTerraformCompleteExample 2022-08-04T19:10:49Z logger.go:66:                       - sessionAffinity       = null
TestTerraformCompleteExample 2022-08-04T19:10:49Z logger.go:66:                       - sessionAffinityConfig = {
TestTerraformCompleteExample 2022-08-04T19:10:49Z logger.go:66:                           - clientIP = {
TestTerraformCompleteExample 2022-08-04T19:10:49Z logger.go:66:                               - timeoutSeconds = null
TestTerraformCompleteExample 2022-08-04T19:10:49Z logger.go:66:                             }
TestTerraformCompleteExample 2022-08-04T19:10:49Z logger.go:66:                         }
TestTerraformCompleteExample 2022-08-04T19:10:49Z logger.go:66:                     }
TestTerraformCompleteExample 2022-08-04T19:10:49Z logger.go:66:                   - route        = {
TestTerraformCompleteExample 2022-08-04T19:10:49Z logger.go:66:                       - annotations    = null
TestTerraformCompleteExample 2022-08-04T19:10:49Z logger.go:66:                       - domain         = null
TestTerraformCompleteExample 2022-08-04T19:10:49Z logger.go:66:                       - labels         = null
TestTerraformCompleteExample 2022-08-04T19:10:49Z logger.go:66:                       - prefix         = null
TestTerraformCompleteExample 2022-08-04T19:10:49Z logger.go:66:                       - wildcardPolicy = null
TestTerraformCompleteExample 2022-08-04T19:10:49Z logger.go:66:                     }
TestTerraformCompleteExample 2022-08-04T19:10:49Z logger.go:66:                   - type         = null
TestTerraformCompleteExample 2022-08-04T19:10:49Z logger.go:66:                 }
TestTerraformCompleteExample 2022-08-04T19:10:49Z logger.go:66:               - tls            = {
TestTerraformCompleteExample 2022-08-04T19:10:49Z logger.go:66:                   - directoryPathInContainer = null
TestTerraformCompleteExample 2022-08-04T19:10:49Z logger.go:66:                   - enabled                  = null
TestTerraformCompleteExample 2022-08-04T19:10:49Z logger.go:66:                   - ignoreTrustStoreConfig   = null
TestTerraformCompleteExample 2022-08-04T19:10:49Z logger.go:66:                   - jksPassword              = {
TestTerraformCompleteExample 2022-08-04T19:10:49Z logger.go:66:                       - secretRef = null
TestTerraformCompleteExample 2022-08-04T19:10:49Z logger.go:66:                     }
TestTerraformCompleteExample 2022-08-04T19:10:49Z logger.go:66:                   - secretRef                = null
TestTerraformCompleteExample 2022-08-04T19:10:49Z logger.go:66:                 }
TestTerraformCompleteExample 2022-08-04T19:10:49Z logger.go:66:             }
TestTerraformCompleteExample 2022-08-04T19:10:49Z logger.go:66:           - mds       = {
TestTerraformCompleteExample 2022-08-04T19:10:49Z logger.go:66:               - authentication = {
TestTerraformCompleteExample 2022-08-04T19:10:49Z logger.go:66:                   - type = null
TestTerraformCompleteExample 2022-08-04T19:10:49Z logger.go:66:                 }
TestTerraformCompleteExample 2022-08-04T19:10:49Z logger.go:66:               - externalAccess = {
TestTerraformCompleteExample 2022-08-04T19:10:49Z logger.go:66:                   - loadBalancer = {
TestTerraformCompleteExample 2022-08-04T19:10:49Z logger.go:66:                       - advertisedURL            = {
TestTerraformCompleteExample 2022-08-04T19:10:49Z logger.go:66:                           - enabled = null
TestTerraformCompleteExample 2022-08-04T19:10:49Z logger.go:66:                           - prefix  = null
TestTerraformCompleteExample 2022-08-04T19:10:49Z logger.go:66:                         }
TestTerraformCompleteExample 2022-08-04T19:10:49Z logger.go:66:                       - annotations              = null
TestTerraformCompleteExample 2022-08-04T19:10:49Z logger.go:66:                       - domain                   = null
TestTerraformCompleteExample 2022-08-04T19:10:49Z logger.go:66:                       - externalTrafficPolicy    = null
TestTerraformCompleteExample 2022-08-04T19:10:49Z logger.go:66:                       - labels                   = null
TestTerraformCompleteExample 2022-08-04T19:10:49Z logger.go:66:                       - loadBalancerSourceRanges = null
TestTerraformCompleteExample 2022-08-04T19:10:49Z logger.go:66:                       - port                     = null
TestTerraformCompleteExample 2022-08-04T19:10:49Z logger.go:66:                       - prefix                   = null
TestTerraformCompleteExample 2022-08-04T19:10:49Z logger.go:66:                       - servicePorts             = null
TestTerraformCompleteExample 2022-08-04T19:10:49Z logger.go:66:                       - sessionAffinity          = null
TestTerraformCompleteExample 2022-08-04T19:10:49Z logger.go:66:                       - sessionAffinityConfig    = {
TestTerraformCompleteExample 2022-08-04T19:10:49Z logger.go:66:                           - clientIP = {
TestTerraformCompleteExample 2022-08-04T19:10:49Z logger.go:66:                               - timeoutSeconds = null
TestTerraformCompleteExample 2022-08-04T19:10:49Z logger.go:66:                             }
TestTerraformCompleteExample 2022-08-04T19:10:49Z logger.go:66:                         }
TestTerraformCompleteExample 2022-08-04T19:10:49Z logger.go:66:                     }
TestTerraformCompleteExample 2022-08-04T19:10:49Z logger.go:66:                   - nodePort     = {
TestTerraformCompleteExample 2022-08-04T19:10:49Z logger.go:66:                       - advertisedURL         = {
TestTerraformCompleteExample 2022-08-04T19:10:49Z logger.go:66:                           - enabled = null
TestTerraformCompleteExample 2022-08-04T19:10:49Z logger.go:66:                           - prefix  = null
TestTerraformCompleteExample 2022-08-04T19:10:49Z logger.go:66:                         }
TestTerraformCompleteExample 2022-08-04T19:10:49Z logger.go:66:                       - annotations           = null
TestTerraformCompleteExample 2022-08-04T19:10:49Z logger.go:66:                       - externalTrafficPolicy = null
TestTerraformCompleteExample 2022-08-04T19:10:49Z logger.go:66:                       - host                  = null
TestTerraformCompleteExample 2022-08-04T19:10:49Z logger.go:66:                       - labels                = null
TestTerraformCompleteExample 2022-08-04T19:10:49Z logger.go:66:                       - nodePortOffset        = null
TestTerraformCompleteExample 2022-08-04T19:10:49Z logger.go:66:                       - servicePorts          = null
TestTerraformCompleteExample 2022-08-04T19:10:49Z logger.go:66:                       - sessionAffinity       = null
TestTerraformCompleteExample 2022-08-04T19:10:49Z logger.go:66:                       - sessionAffinityConfig = {
TestTerraformCompleteExample 2022-08-04T19:10:49Z logger.go:66:                           - clientIP = {
TestTerraformCompleteExample 2022-08-04T19:10:49Z logger.go:66:                               - timeoutSeconds = null
TestTerraformCompleteExample 2022-08-04T19:10:49Z logger.go:66:                             }
TestTerraformCompleteExample 2022-08-04T19:10:49Z logger.go:66:                         }
TestTerraformCompleteExample 2022-08-04T19:10:49Z logger.go:66:                     }
TestTerraformCompleteExample 2022-08-04T19:10:49Z logger.go:66:                   - route        = {
TestTerraformCompleteExample 2022-08-04T19:10:49Z logger.go:66:                       - annotations    = null
TestTerraformCompleteExample 2022-08-04T19:10:49Z logger.go:66:                       - domain         = null
TestTerraformCompleteExample 2022-08-04T19:10:49Z logger.go:66:                       - labels         = null
TestTerraformCompleteExample 2022-08-04T19:10:49Z logger.go:66:                       - prefix         = null
TestTerraformCompleteExample 2022-08-04T19:10:49Z logger.go:66:                       - wildcardPolicy = null
TestTerraformCompleteExample 2022-08-04T19:10:49Z logger.go:66:                     }
TestTerraformCompleteExample 2022-08-04T19:10:49Z logger.go:66:                   - type         = null
TestTerraformCompleteExample 2022-08-04T19:10:49Z logger.go:66:                 }
TestTerraformCompleteExample 2022-08-04T19:10:49Z logger.go:66:               - provider       = {
TestTerraformCompleteExample 2022-08-04T19:10:49Z logger.go:66:                   - ldap = {
TestTerraformCompleteExample 2022-08-04T19:10:49Z logger.go:66:                       - address        = null
TestTerraformCompleteExample 2022-08-04T19:10:49Z logger.go:66:                       - authentication = {
TestTerraformCompleteExample 2022-08-04T19:10:49Z logger.go:66:                           - simple = {
TestTerraformCompleteExample 2022-08-04T19:10:49Z logger.go:66:                               - directoryPathInContainer = null
TestTerraformCompleteExample 2022-08-04T19:10:49Z logger.go:66:                               - secretRef                = null
TestTerraformCompleteExample 2022-08-04T19:10:49Z logger.go:66:                             }
TestTerraformCompleteExample 2022-08-04T19:10:49Z logger.go:66:                           - type   = null
TestTerraformCompleteExample 2022-08-04T19:10:49Z logger.go:66:                         }
TestTerraformCompleteExample 2022-08-04T19:10:49Z logger.go:66:                       - configurations = {
TestTerraformCompleteExample 2022-08-04T19:10:49Z logger.go:66:                           - groupMemberAttribute         = null
TestTerraformCompleteExample 2022-08-04T19:10:49Z logger.go:66:                           - groupMemberAttributePattern  = null
TestTerraformCompleteExample 2022-08-04T19:10:49Z logger.go:66:                           - groupNameAttribute           = null
TestTerraformCompleteExample 2022-08-04T19:10:49Z logger.go:66:                           - groupObjectClass             = null
TestTerraformCompleteExample 2022-08-04T19:10:49Z logger.go:66:                           - groupSearchBase              = null
TestTerraformCompleteExample 2022-08-04T19:10:49Z logger.go:66:                           - groupSearchFilter            = null
TestTerraformCompleteExample 2022-08-04T19:10:49Z logger.go:66:                           - groupSearchScope             = null
TestTerraformCompleteExample 2022-08-04T19:10:49Z logger.go:66:                           - userMemberOfAttributePattern = null
TestTerraformCompleteExample 2022-08-04T19:10:49Z logger.go:66:                           - userNameAttribute            = null
TestTerraformCompleteExample 2022-08-04T19:10:49Z logger.go:66:                           - userObjectClass              = null
TestTerraformCompleteExample 2022-08-04T19:10:49Z logger.go:66:                           - userSearchBase               = null
TestTerraformCompleteExample 2022-08-04T19:10:49Z logger.go:66:                           - userSearchFilter             = null
TestTerraformCompleteExample 2022-08-04T19:10:49Z logger.go:66:                           - userSearchScope              = null
TestTerraformCompleteExample 2022-08-04T19:10:49Z logger.go:66:                         }
TestTerraformCompleteExample 2022-08-04T19:10:49Z logger.go:66:                       - tls            = {
TestTerraformCompleteExample 2022-08-04T19:10:49Z logger.go:66:                           - directoryPathInContainer = null
TestTerraformCompleteExample 2022-08-04T19:10:49Z logger.go:66:                           - enabled                  = null
TestTerraformCompleteExample 2022-08-04T19:10:49Z logger.go:66:                           - ignoreTrustStoreConfig   = null
TestTerraformCompleteExample 2022-08-04T19:10:49Z logger.go:66:                           - jksPassword              = {
TestTerraformCompleteExample 2022-08-04T19:10:49Z logger.go:66:                               - secretRef = null
TestTerraformCompleteExample 2022-08-04T19:10:49Z logger.go:66:                             }
TestTerraformCompleteExample 2022-08-04T19:10:49Z logger.go:66:                           - secretRef                = null
TestTerraformCompleteExample 2022-08-04T19:10:49Z logger.go:66:                         }
TestTerraformCompleteExample 2022-08-04T19:10:49Z logger.go:66:                     }
TestTerraformCompleteExample 2022-08-04T19:10:49Z logger.go:66:                   - type = null
TestTerraformCompleteExample 2022-08-04T19:10:49Z logger.go:66:                 }
TestTerraformCompleteExample 2022-08-04T19:10:49Z logger.go:66:               - tls            = {
TestTerraformCompleteExample 2022-08-04T19:10:49Z logger.go:66:                   - directoryPathInContainer = null
TestTerraformCompleteExample 2022-08-04T19:10:49Z logger.go:66:                   - enabled                  = null
TestTerraformCompleteExample 2022-08-04T19:10:49Z logger.go:66:                   - ignoreTrustStoreConfig   = null
TestTerraformCompleteExample 2022-08-04T19:10:49Z logger.go:66:                   - jksPassword              = {
TestTerraformCompleteExample 2022-08-04T19:10:49Z logger.go:66:                       - secretRef = null
TestTerraformCompleteExample 2022-08-04T19:10:49Z logger.go:66:                     }
TestTerraformCompleteExample 2022-08-04T19:10:49Z logger.go:66:                   - secretRef                = null
TestTerraformCompleteExample 2022-08-04T19:10:49Z logger.go:66:                 }
TestTerraformCompleteExample 2022-08-04T19:10:49Z logger.go:66:               - tokenKeyPair   = {
TestTerraformCompleteExample 2022-08-04T19:10:49Z logger.go:66:                   - directoryPathInContainer = null
TestTerraformCompleteExample 2022-08-04T19:10:49Z logger.go:66:                   - secretRef                = null
TestTerraformCompleteExample 2022-08-04T19:10:49Z logger.go:66:                 }
TestTerraformCompleteExample 2022-08-04T19:10:49Z logger.go:66:             }
TestTerraformCompleteExample 2022-08-04T19:10:49Z logger.go:66:         }
TestTerraformCompleteExample 2022-08-04T19:10:49Z logger.go:66:       - storageClass       = {
TestTerraformCompleteExample 2022-08-04T19:10:49Z logger.go:66:           - name = null
TestTerraformCompleteExample 2022-08-04T19:10:49Z logger.go:66:         }
TestTerraformCompleteExample 2022-08-04T19:10:49Z logger.go:66:       - telemetry          = {
TestTerraformCompleteExample 2022-08-04T19:10:49Z logger.go:66:           - global = null
TestTerraformCompleteExample 2022-08-04T19:10:49Z logger.go:66:         }
TestTerraformCompleteExample 2022-08-04T19:10:49Z logger.go:66:       - tls                = {
TestTerraformCompleteExample 2022-08-04T19:10:49Z logger.go:66:           - autoGeneratedCerts       = null
TestTerraformCompleteExample 2022-08-04T19:10:49Z logger.go:66:           - directoryPathInContainer = null
TestTerraformCompleteExample 2022-08-04T19:10:49Z logger.go:66:           - ignoreTrustStoreConfig   = null
TestTerraformCompleteExample 2022-08-04T19:10:49Z logger.go:66:           - jksPassword              = {
TestTerraformCompleteExample 2022-08-04T19:10:49Z logger.go:66:               - secretRef = null
TestTerraformCompleteExample 2022-08-04T19:10:49Z logger.go:66:             }
TestTerraformCompleteExample 2022-08-04T19:10:49Z logger.go:66:           - secretRef                = null
TestTerraformCompleteExample 2022-08-04T19:10:49Z logger.go:66:         }
TestTerraformCompleteExample 2022-08-04T19:10:49Z logger.go:66:     } -> null
TestTerraformCompleteExample 2022-08-04T19:10:49Z logger.go:66:   - kafka_topic_manifests    = {
TestTerraformCompleteExample 2022-08-04T19:10:49Z logger.go:66:       - my-other-topic = {
TestTerraformCompleteExample 2022-08-04T19:10:49Z logger.go:66:           - apiVersion = "platform.confluent.io/v1beta1"
TestTerraformCompleteExample 2022-08-04T19:10:49Z logger.go:66:           - kind       = "KafkaTopic"
TestTerraformCompleteExample 2022-08-04T19:10:49Z logger.go:66:           - metadata   = {
TestTerraformCompleteExample 2022-08-04T19:10:49Z logger.go:66:               - name      = "my-other-topic"
TestTerraformCompleteExample 2022-08-04T19:10:49Z logger.go:66:               - namespace = "confluent"
TestTerraformCompleteExample 2022-08-04T19:10:49Z logger.go:66:             }
TestTerraformCompleteExample 2022-08-04T19:10:49Z logger.go:66:           - spec       = {
TestTerraformCompleteExample 2022-08-04T19:10:49Z logger.go:66:               - configs        = {
TestTerraformCompleteExample 2022-08-04T19:10:49Z logger.go:66:                   - "cleanup.policy" = "compact"
TestTerraformCompleteExample 2022-08-04T19:10:49Z logger.go:66:                 }
TestTerraformCompleteExample 2022-08-04T19:10:49Z logger.go:66:               - partitionCount = 3
TestTerraformCompleteExample 2022-08-04T19:10:49Z logger.go:66:               - replicas       = 3
TestTerraformCompleteExample 2022-08-04T19:10:49Z logger.go:66:             }
TestTerraformCompleteExample 2022-08-04T19:10:49Z logger.go:66:         }
TestTerraformCompleteExample 2022-08-04T19:10:49Z logger.go:66:       - pageviews      = {
TestTerraformCompleteExample 2022-08-04T19:10:49Z logger.go:66:           - apiVersion = "platform.confluent.io/v1beta1"
TestTerraformCompleteExample 2022-08-04T19:10:49Z logger.go:66:           - kind       = "KafkaTopic"
TestTerraformCompleteExample 2022-08-04T19:10:49Z logger.go:66:           - metadata   = {
TestTerraformCompleteExample 2022-08-04T19:10:49Z logger.go:66:               - name      = "pageviews"
TestTerraformCompleteExample 2022-08-04T19:10:49Z logger.go:66:               - namespace = "confluent"
TestTerraformCompleteExample 2022-08-04T19:10:49Z logger.go:66:             }
TestTerraformCompleteExample 2022-08-04T19:10:49Z logger.go:66:           - spec       = {
TestTerraformCompleteExample 2022-08-04T19:10:49Z logger.go:66:               - configs        = {
TestTerraformCompleteExample 2022-08-04T19:10:49Z logger.go:66:                   - "cleanup.policy" = "delete"
TestTerraformCompleteExample 2022-08-04T19:10:49Z logger.go:66:                 }
TestTerraformCompleteExample 2022-08-04T19:10:49Z logger.go:66:               - partitionCount = 3
TestTerraformCompleteExample 2022-08-04T19:10:49Z logger.go:66:               - replicas       = 3
TestTerraformCompleteExample 2022-08-04T19:10:49Z logger.go:66:             }
TestTerraformCompleteExample 2022-08-04T19:10:49Z logger.go:66:         }
TestTerraformCompleteExample 2022-08-04T19:10:49Z logger.go:66:     } -> null
TestTerraformCompleteExample 2022-08-04T19:10:49Z logger.go:66:   - kafka_topic_object_specs = {
TestTerraformCompleteExample 2022-08-04T19:10:49Z logger.go:66:       - my-other-topic = {
TestTerraformCompleteExample 2022-08-04T19:10:49Z logger.go:66:           - configs           = {
TestTerraformCompleteExample 2022-08-04T19:10:49Z logger.go:66:               - "cleanup.policy" = "compact"
TestTerraformCompleteExample 2022-08-04T19:10:49Z logger.go:66:             }
TestTerraformCompleteExample 2022-08-04T19:10:49Z logger.go:66:           - kafkaClusterRef   = {
TestTerraformCompleteExample 2022-08-04T19:10:49Z logger.go:66:               - name      = null
TestTerraformCompleteExample 2022-08-04T19:10:49Z logger.go:66:               - namespace = null
TestTerraformCompleteExample 2022-08-04T19:10:49Z logger.go:66:             }
TestTerraformCompleteExample 2022-08-04T19:10:49Z logger.go:66:           - kafkaRest         = {
TestTerraformCompleteExample 2022-08-04T19:10:49Z logger.go:66:               - authentication = {
TestTerraformCompleteExample 2022-08-04T19:10:49Z logger.go:66:                   - basic  = {
TestTerraformCompleteExample 2022-08-04T19:10:49Z logger.go:66:                       - debug                    = null
TestTerraformCompleteExample 2022-08-04T19:10:49Z logger.go:66:                       - directoryPathInContainer = null
TestTerraformCompleteExample 2022-08-04T19:10:49Z logger.go:66:                       - restrictedRoles          = null
TestTerraformCompleteExample 2022-08-04T19:10:49Z logger.go:66:                       - roles                    = null
TestTerraformCompleteExample 2022-08-04T19:10:49Z logger.go:66:                       - secretRef                = null
TestTerraformCompleteExample 2022-08-04T19:10:49Z logger.go:66:                     }
TestTerraformCompleteExample 2022-08-04T19:10:49Z logger.go:66:                   - bearer = {
TestTerraformCompleteExample 2022-08-04T19:10:49Z logger.go:66:                       - directoryPathInContainer = null
TestTerraformCompleteExample 2022-08-04T19:10:49Z logger.go:66:                       - secretRef                = null
TestTerraformCompleteExample 2022-08-04T19:10:49Z logger.go:66:                     }
TestTerraformCompleteExample 2022-08-04T19:10:49Z logger.go:66:                   - type   = null
TestTerraformCompleteExample 2022-08-04T19:10:49Z logger.go:66:                 }
TestTerraformCompleteExample 2022-08-04T19:10:49Z logger.go:66:               - endpoint       = null
TestTerraformCompleteExample 2022-08-04T19:10:49Z logger.go:66:               - kafkaClusterID = null
TestTerraformCompleteExample 2022-08-04T19:10:49Z logger.go:66:               - tls            = {
TestTerraformCompleteExample 2022-08-04T19:10:49Z logger.go:66:                   - directoryPathInContainer = null
TestTerraformCompleteExample 2022-08-04T19:10:49Z logger.go:66:                   - jksPassword              = {
TestTerraformCompleteExample 2022-08-04T19:10:49Z logger.go:66:                       - secretRef = null
TestTerraformCompleteExample 2022-08-04T19:10:49Z logger.go:66:                     }
TestTerraformCompleteExample 2022-08-04T19:10:49Z logger.go:66:                   - secretRef                = null
TestTerraformCompleteExample 2022-08-04T19:10:49Z logger.go:66:                 }
TestTerraformCompleteExample 2022-08-04T19:10:49Z logger.go:66:             }
TestTerraformCompleteExample 2022-08-04T19:10:49Z logger.go:66:           - kafkaRestClassRef = {
TestTerraformCompleteExample 2022-08-04T19:10:49Z logger.go:66:               - name      = null
TestTerraformCompleteExample 2022-08-04T19:10:49Z logger.go:66:               - namespace = null
TestTerraformCompleteExample 2022-08-04T19:10:49Z logger.go:66:             }
TestTerraformCompleteExample 2022-08-04T19:10:49Z logger.go:66:           - name              = null
TestTerraformCompleteExample 2022-08-04T19:10:49Z logger.go:66:           - partitionCount    = 3
TestTerraformCompleteExample 2022-08-04T19:10:49Z logger.go:66:           - replicas          = 3
TestTerraformCompleteExample 2022-08-04T19:10:49Z logger.go:66:         }
TestTerraformCompleteExample 2022-08-04T19:10:49Z logger.go:66:       - pageviews      = {
TestTerraformCompleteExample 2022-08-04T19:10:49Z logger.go:66:           - configs           = {
TestTerraformCompleteExample 2022-08-04T19:10:49Z logger.go:66:               - "cleanup.policy" = "delete"
TestTerraformCompleteExample 2022-08-04T19:10:49Z logger.go:66:             }
TestTerraformCompleteExample 2022-08-04T19:10:49Z logger.go:66:           - kafkaClusterRef   = {
TestTerraformCompleteExample 2022-08-04T19:10:49Z logger.go:66:               - name      = null
TestTerraformCompleteExample 2022-08-04T19:10:49Z logger.go:66:               - namespace = null
TestTerraformCompleteExample 2022-08-04T19:10:49Z logger.go:66:             }
TestTerraformCompleteExample 2022-08-04T19:10:49Z logger.go:66:           - kafkaRest         = {
TestTerraformCompleteExample 2022-08-04T19:10:49Z logger.go:66:               - authentication = {
TestTerraformCompleteExample 2022-08-04T19:10:49Z logger.go:66:                   - basic  = {
TestTerraformCompleteExample 2022-08-04T19:10:49Z logger.go:66:                       - debug                    = null
TestTerraformCompleteExample 2022-08-04T19:10:49Z logger.go:66:                       - directoryPathInContainer = null
TestTerraformCompleteExample 2022-08-04T19:10:49Z logger.go:66:                       - restrictedRoles          = null
TestTerraformCompleteExample 2022-08-04T19:10:49Z logger.go:66:                       - roles                    = null
TestTerraformCompleteExample 2022-08-04T19:10:49Z logger.go:66:                       - secretRef                = null
TestTerraformCompleteExample 2022-08-04T19:10:49Z logger.go:66:                     }
TestTerraformCompleteExample 2022-08-04T19:10:49Z logger.go:66:                   - bearer = {
TestTerraformCompleteExample 2022-08-04T19:10:49Z logger.go:66:                       - directoryPathInContainer = null
TestTerraformCompleteExample 2022-08-04T19:10:49Z logger.go:66:                       - secretRef                = null
TestTerraformCompleteExample 2022-08-04T19:10:49Z logger.go:66:                     }
TestTerraformCompleteExample 2022-08-04T19:10:50Z logger.go:66:                   - type   = null
TestTerraformCompleteExample 2022-08-04T19:10:50Z logger.go:66:                 }
TestTerraformCompleteExample 2022-08-04T19:10:50Z logger.go:66:               - endpoint       = null
TestTerraformCompleteExample 2022-08-04T19:10:50Z logger.go:66:               - kafkaClusterID = null
TestTerraformCompleteExample 2022-08-04T19:10:50Z logger.go:66:               - tls            = {
TestTerraformCompleteExample 2022-08-04T19:10:50Z logger.go:66:                   - directoryPathInContainer = null
TestTerraformCompleteExample 2022-08-04T19:10:50Z logger.go:66:                   - jksPassword              = {
TestTerraformCompleteExample 2022-08-04T19:10:50Z logger.go:66:                       - secretRef = null
TestTerraformCompleteExample 2022-08-04T19:10:50Z logger.go:66:                     }
TestTerraformCompleteExample 2022-08-04T19:10:50Z logger.go:66:                   - secretRef                = null
TestTerraformCompleteExample 2022-08-04T19:10:50Z logger.go:66:                 }
TestTerraformCompleteExample 2022-08-04T19:10:50Z logger.go:66:             }
TestTerraformCompleteExample 2022-08-04T19:10:50Z logger.go:66:           - kafkaRestClassRef = {
TestTerraformCompleteExample 2022-08-04T19:10:50Z logger.go:66:               - name      = null
TestTerraformCompleteExample 2022-08-04T19:10:50Z logger.go:66:               - namespace = null
TestTerraformCompleteExample 2022-08-04T19:10:50Z logger.go:66:             }
TestTerraformCompleteExample 2022-08-04T19:10:50Z logger.go:66:           - name              = null
TestTerraformCompleteExample 2022-08-04T19:10:50Z logger.go:66:           - partitionCount    = 3
TestTerraformCompleteExample 2022-08-04T19:10:50Z logger.go:66:           - replicas          = 3
TestTerraformCompleteExample 2022-08-04T19:10:50Z logger.go:66:         }
TestTerraformCompleteExample 2022-08-04T19:10:50Z logger.go:66:     } -> null
TestTerraformCompleteExample 2022-08-04T19:10:50Z logger.go:66:   - namespace                = "confluent" -> null
TestTerraformCompleteExample 2022-08-04T19:10:50Z logger.go:66:   - schema_config_map_data   = {
TestTerraformCompleteExample 2022-08-04T19:10:50Z logger.go:66:       - pageviews-value = {
TestTerraformCompleteExample 2022-08-04T19:10:50Z logger.go:66:           - "schema" = jsonencode(
TestTerraformCompleteExample 2022-08-04T19:10:50Z logger.go:66:                 {
TestTerraformCompleteExample 2022-08-04T19:10:50Z logger.go:66:                   - "connect.name" = "ksql.pageviews"
TestTerraformCompleteExample 2022-08-04T19:10:50Z logger.go:66:                   - fields         = [
TestTerraformCompleteExample 2022-08-04T19:10:50Z logger.go:66:                       - {
TestTerraformCompleteExample 2022-08-04T19:10:50Z logger.go:66:                           - name = "viewtime"
TestTerraformCompleteExample 2022-08-04T19:10:50Z logger.go:66:                           - type = "long"
TestTerraformCompleteExample 2022-08-04T19:10:50Z logger.go:66:                         },
TestTerraformCompleteExample 2022-08-04T19:10:50Z logger.go:66:                       - {
TestTerraformCompleteExample 2022-08-04T19:10:50Z logger.go:66:                           - name = "userid"
TestTerraformCompleteExample 2022-08-04T19:10:50Z logger.go:66:                           - type = "string"
TestTerraformCompleteExample 2022-08-04T19:10:50Z logger.go:66:                         },
TestTerraformCompleteExample 2022-08-04T19:10:50Z logger.go:66:                       - {
TestTerraformCompleteExample 2022-08-04T19:10:50Z logger.go:66:                           - name = "pageid"
TestTerraformCompleteExample 2022-08-04T19:10:50Z logger.go:66:                           - type = "string"
TestTerraformCompleteExample 2022-08-04T19:10:50Z logger.go:66:                         },
TestTerraformCompleteExample 2022-08-04T19:10:50Z logger.go:66:                     ]
TestTerraformCompleteExample 2022-08-04T19:10:50Z logger.go:66:                   - name           = "pageviews"
TestTerraformCompleteExample 2022-08-04T19:10:50Z logger.go:66:                   - namespace      = "ksql"
TestTerraformCompleteExample 2022-08-04T19:10:50Z logger.go:66:                   - type           = "record"
TestTerraformCompleteExample 2022-08-04T19:10:50Z logger.go:66:                 }
TestTerraformCompleteExample 2022-08-04T19:10:50Z logger.go:66:             )
TestTerraformCompleteExample 2022-08-04T19:10:50Z logger.go:66:         }
TestTerraformCompleteExample 2022-08-04T19:10:50Z logger.go:66:     } -> null
TestTerraformCompleteExample 2022-08-04T19:10:50Z logger.go:66:   - schema_manifests         = {
TestTerraformCompleteExample 2022-08-04T19:10:50Z logger.go:66:       - pageviews-value = {
TestTerraformCompleteExample 2022-08-04T19:10:50Z logger.go:66:           - apiVersion = "platform.confluent.io/v1beta1"
TestTerraformCompleteExample 2022-08-04T19:10:50Z logger.go:66:           - kind       = "Schema"
TestTerraformCompleteExample 2022-08-04T19:10:50Z logger.go:66:           - metadata   = {
TestTerraformCompleteExample 2022-08-04T19:10:50Z logger.go:66:               - name      = "pageviews-value"
TestTerraformCompleteExample 2022-08-04T19:10:50Z logger.go:66:               - namespace = "confluent"
TestTerraformCompleteExample 2022-08-04T19:10:50Z logger.go:66:             }
TestTerraformCompleteExample 2022-08-04T19:10:50Z logger.go:66:           - spec       = {
TestTerraformCompleteExample 2022-08-04T19:10:50Z logger.go:66:               - data = {
TestTerraformCompleteExample 2022-08-04T19:10:50Z logger.go:66:                   - configRef = "pageviews-value-config"
TestTerraformCompleteExample 2022-08-04T19:10:50Z logger.go:66:                   - format    = "avro"
TestTerraformCompleteExample 2022-08-04T19:10:50Z logger.go:66:                 }
TestTerraformCompleteExample 2022-08-04T19:10:50Z logger.go:66:             }
TestTerraformCompleteExample 2022-08-04T19:10:50Z logger.go:66:         }
TestTerraformCompleteExample 2022-08-04T19:10:50Z logger.go:66:     } -> null
TestTerraformCompleteExample 2022-08-04T19:10:50Z logger.go:66:   - schema_object_specs      = {
TestTerraformCompleteExample 2022-08-04T19:10:50Z logger.go:66:       - pageviews-value = {
TestTerraformCompleteExample 2022-08-04T19:10:50Z logger.go:66:           - compatibilityLevel       = null
TestTerraformCompleteExample 2022-08-04T19:10:50Z logger.go:66:           - data                     = {
TestTerraformCompleteExample 2022-08-04T19:10:50Z logger.go:66:               - configRef = "pageviews-value-config"
TestTerraformCompleteExample 2022-08-04T19:10:50Z logger.go:66:               - format    = "avro"
TestTerraformCompleteExample 2022-08-04T19:10:50Z logger.go:66:             }
TestTerraformCompleteExample 2022-08-04T19:10:50Z logger.go:66:           - name                     = null
TestTerraformCompleteExample 2022-08-04T19:10:50Z logger.go:66:           - schemaReferences         = null
TestTerraformCompleteExample 2022-08-04T19:10:50Z logger.go:66:           - schemaRegistryClusterRef = {
TestTerraformCompleteExample 2022-08-04T19:10:50Z logger.go:66:               - name      = null
TestTerraformCompleteExample 2022-08-04T19:10:50Z logger.go:66:               - namespace = null
TestTerraformCompleteExample 2022-08-04T19:10:50Z logger.go:66:             }
TestTerraformCompleteExample 2022-08-04T19:10:50Z logger.go:66:           - schemaRegistryRest       = {
TestTerraformCompleteExample 2022-08-04T19:10:50Z logger.go:66:               - authentication = {
TestTerraformCompleteExample 2022-08-04T19:10:50Z logger.go:66:                   - basic  = {
TestTerraformCompleteExample 2022-08-04T19:10:50Z logger.go:66:                       - debug                    = null
TestTerraformCompleteExample 2022-08-04T19:10:50Z logger.go:66:                       - directoryPathInContainer = null
TestTerraformCompleteExample 2022-08-04T19:10:50Z logger.go:66:                       - restrictedRoles          = null
TestTerraformCompleteExample 2022-08-04T19:10:50Z logger.go:66:                       - roles                    = null
TestTerraformCompleteExample 2022-08-04T19:10:50Z logger.go:66:                       - secretRef                = null
TestTerraformCompleteExample 2022-08-04T19:10:50Z logger.go:66:                     }
TestTerraformCompleteExample 2022-08-04T19:10:50Z logger.go:66:                   - bearer = {
TestTerraformCompleteExample 2022-08-04T19:10:50Z logger.go:66:                       - directoryPathInContainer = null
TestTerraformCompleteExample 2022-08-04T19:10:50Z logger.go:66:                       - secretRef                = null
TestTerraformCompleteExample 2022-08-04T19:10:50Z logger.go:66:                     }
TestTerraformCompleteExample 2022-08-04T19:10:50Z logger.go:66:                   - type   = null
TestTerraformCompleteExample 2022-08-04T19:10:50Z logger.go:66:                 }
TestTerraformCompleteExample 2022-08-04T19:10:50Z logger.go:66:               - endpoint       = null
TestTerraformCompleteExample 2022-08-04T19:10:50Z logger.go:66:               - kafkaClusterID = null
TestTerraformCompleteExample 2022-08-04T19:10:50Z logger.go:66:               - tls            = {
TestTerraformCompleteExample 2022-08-04T19:10:50Z logger.go:66:                   - directoryPathInContainer = null
TestTerraformCompleteExample 2022-08-04T19:10:50Z logger.go:66:                   - jksPassword              = {
TestTerraformCompleteExample 2022-08-04T19:10:50Z logger.go:66:                       - secretRef = null
TestTerraformCompleteExample 2022-08-04T19:10:50Z logger.go:66:                     }
TestTerraformCompleteExample 2022-08-04T19:10:50Z logger.go:66:                   - secretRef                = null
TestTerraformCompleteExample 2022-08-04T19:10:50Z logger.go:66:                 }
TestTerraformCompleteExample 2022-08-04T19:10:50Z logger.go:66:             }
TestTerraformCompleteExample 2022-08-04T19:10:50Z logger.go:66:         }
TestTerraformCompleteExample 2022-08-04T19:10:50Z logger.go:66:     } -> null
TestTerraformCompleteExample 2022-08-04T19:10:50Z logger.go:66:   - zookeeper_manifest       = {
TestTerraformCompleteExample 2022-08-04T19:10:50Z logger.go:66:       - apiVersion = "platform.confluent.io/v1beta1"
TestTerraformCompleteExample 2022-08-04T19:10:50Z logger.go:66:       - kind       = "Zookeeper"
TestTerraformCompleteExample 2022-08-04T19:10:50Z logger.go:66:       - metadata   = {
TestTerraformCompleteExample 2022-08-04T19:10:50Z logger.go:66:           - name      = "zookeeper"
TestTerraformCompleteExample 2022-08-04T19:10:50Z logger.go:66:           - namespace = "confluent"
TestTerraformCompleteExample 2022-08-04T19:10:50Z logger.go:66:         }
TestTerraformCompleteExample 2022-08-04T19:10:50Z logger.go:66:       - spec       = {
TestTerraformCompleteExample 2022-08-04T19:10:50Z logger.go:66:           - dataVolumeCapacity = "10Gi"
TestTerraformCompleteExample 2022-08-04T19:10:50Z logger.go:66:           - image              = {
TestTerraformCompleteExample 2022-08-04T19:10:50Z logger.go:66:               - application = "confluentinc/cp-zookeeper:7.2.0"
TestTerraformCompleteExample 2022-08-04T19:10:50Z logger.go:66:               - init        = "confluentinc/confluent-init-container:2.4.0"
TestTerraformCompleteExample 2022-08-04T19:10:50Z logger.go:66:             }
TestTerraformCompleteExample 2022-08-04T19:10:50Z logger.go:66:           - logVolumeCapacity  = "10Gi"
TestTerraformCompleteExample 2022-08-04T19:10:50Z logger.go:66:           - replicas           = "3"
TestTerraformCompleteExample 2022-08-04T19:10:50Z logger.go:66:         }
TestTerraformCompleteExample 2022-08-04T19:10:50Z logger.go:66:     } -> null
TestTerraformCompleteExample 2022-08-04T19:10:50Z logger.go:66:   - zookeeper_object_spec    = {
TestTerraformCompleteExample 2022-08-04T19:10:50Z logger.go:66:       - authentication     = {
TestTerraformCompleteExample 2022-08-04T19:10:50Z logger.go:66:           - jaasConfig            = {
TestTerraformCompleteExample 2022-08-04T19:10:50Z logger.go:66:               - secretRef = null
TestTerraformCompleteExample 2022-08-04T19:10:50Z logger.go:66:             }
TestTerraformCompleteExample 2022-08-04T19:10:50Z logger.go:66:           - jaasConfigPassThrough = {
TestTerraformCompleteExample 2022-08-04T19:10:50Z logger.go:66:               - directoryPathInContainer = null
TestTerraformCompleteExample 2022-08-04T19:10:50Z logger.go:66:               - secretRef                = null
TestTerraformCompleteExample 2022-08-04T19:10:50Z logger.go:66:             }
TestTerraformCompleteExample 2022-08-04T19:10:50Z logger.go:66:           - principalMappingRules = null
TestTerraformCompleteExample 2022-08-04T19:10:50Z logger.go:66:           - type                  = null
TestTerraformCompleteExample 2022-08-04T19:10:50Z logger.go:66:         }
TestTerraformCompleteExample 2022-08-04T19:10:50Z logger.go:66:       - configOverrides    = {
TestTerraformCompleteExample 2022-08-04T19:10:50Z logger.go:66:           - jvm    = null
TestTerraformCompleteExample 2022-08-04T19:10:50Z logger.go:66:           - log4j  = null
TestTerraformCompleteExample 2022-08-04T19:10:50Z logger.go:66:           - peers  = null
TestTerraformCompleteExample 2022-08-04T19:10:50Z logger.go:66:           - server = null
TestTerraformCompleteExample 2022-08-04T19:10:50Z logger.go:66:         }
TestTerraformCompleteExample 2022-08-04T19:10:50Z logger.go:66:       - dataVolumeCapacity = "10Gi"
TestTerraformCompleteExample 2022-08-04T19:10:50Z logger.go:66:       - headlessService    = {
TestTerraformCompleteExample 2022-08-04T19:10:50Z logger.go:66:           - annotations              = null
TestTerraformCompleteExample 2022-08-04T19:10:50Z logger.go:66:           - labels                   = null
TestTerraformCompleteExample 2022-08-04T19:10:50Z logger.go:66:           - publishNotReadyAddresses = null
TestTerraformCompleteExample 2022-08-04T19:10:50Z logger.go:66:         }
TestTerraformCompleteExample 2022-08-04T19:10:50Z logger.go:66:       - image              = {
TestTerraformCompleteExample 2022-08-04T19:10:50Z logger.go:66:           - application   = "confluentinc/cp-zookeeper:7.2.0"
TestTerraformCompleteExample 2022-08-04T19:10:50Z logger.go:66:           - init          = "confluentinc/confluent-init-container:2.4.0"
TestTerraformCompleteExample 2022-08-04T19:10:50Z logger.go:66:           - pullPolicy    = null
TestTerraformCompleteExample 2022-08-04T19:10:50Z logger.go:66:           - pullSecretRef = null
TestTerraformCompleteExample 2022-08-04T19:10:50Z logger.go:66:         }
TestTerraformCompleteExample 2022-08-04T19:10:50Z logger.go:66:       - injectAnnotations  = null
TestTerraformCompleteExample 2022-08-04T19:10:50Z logger.go:66:       - injectLabels       = null
TestTerraformCompleteExample 2022-08-04T19:10:50Z logger.go:66:       - k8sClusterDomain   = null
TestTerraformCompleteExample 2022-08-04T19:10:50Z logger.go:66:       - license            = {
TestTerraformCompleteExample 2022-08-04T19:10:50Z logger.go:66:           - directoryPathInContainer = null
TestTerraformCompleteExample 2022-08-04T19:10:50Z logger.go:66:           - globalLicense            = null
TestTerraformCompleteExample 2022-08-04T19:10:50Z logger.go:66:           - secretRef                = null
TestTerraformCompleteExample 2022-08-04T19:10:50Z logger.go:66:         }
TestTerraformCompleteExample 2022-08-04T19:10:50Z logger.go:66:       - logVolumeCapacity  = "10Gi"
TestTerraformCompleteExample 2022-08-04T19:10:50Z logger.go:66:       - metrics            = {
TestTerraformCompleteExample 2022-08-04T19:10:50Z logger.go:66:           - authentication = {
TestTerraformCompleteExample 2022-08-04T19:10:50Z logger.go:66:               - type = null
TestTerraformCompleteExample 2022-08-04T19:10:50Z logger.go:66:             }
TestTerraformCompleteExample 2022-08-04T19:10:50Z logger.go:66:           - prometheus     = {
TestTerraformCompleteExample 2022-08-04T19:10:50Z logger.go:66:               - blacklist = null
TestTerraformCompleteExample 2022-08-04T19:10:50Z logger.go:66:               - rules     = null
TestTerraformCompleteExample 2022-08-04T19:10:50Z logger.go:66:               - whitelist = null
TestTerraformCompleteExample 2022-08-04T19:10:50Z logger.go:66:             }
TestTerraformCompleteExample 2022-08-04T19:10:50Z logger.go:66:           - tls            = {
TestTerraformCompleteExample 2022-08-04T19:10:50Z logger.go:66:               - directoryPathInContainer = null
TestTerraformCompleteExample 2022-08-04T19:10:50Z logger.go:66:               - enabled                  = null
TestTerraformCompleteExample 2022-08-04T19:10:50Z logger.go:66:               - ignoreTrustStoreConfig   = null
TestTerraformCompleteExample 2022-08-04T19:10:50Z logger.go:66:               - jksPassword              = {
TestTerraformCompleteExample 2022-08-04T19:10:50Z logger.go:66:                   - secretRef = null
TestTerraformCompleteExample 2022-08-04T19:10:50Z logger.go:66:                 }
TestTerraformCompleteExample 2022-08-04T19:10:50Z logger.go:66:               - secretRef                = null
TestTerraformCompleteExample 2022-08-04T19:10:50Z logger.go:66:             }
TestTerraformCompleteExample 2022-08-04T19:10:50Z logger.go:66:         }
TestTerraformCompleteExample 2022-08-04T19:10:50Z logger.go:66:       - mountedSecrets     = null
TestTerraformCompleteExample 2022-08-04T19:10:50Z logger.go:66:       - mountedVolumes     = {
TestTerraformCompleteExample 2022-08-04T19:10:50Z logger.go:66:           - volumeMounts = null
TestTerraformCompleteExample 2022-08-04T19:10:50Z logger.go:66:           - volumes      = null
TestTerraformCompleteExample 2022-08-04T19:10:50Z logger.go:66:         }
TestTerraformCompleteExample 2022-08-04T19:10:50Z logger.go:66:       - oneReplicaPerNode  = null
TestTerraformCompleteExample 2022-08-04T19:10:50Z logger.go:66:       - podTemplate        = {
TestTerraformCompleteExample 2022-08-04T19:10:50Z logger.go:66:           - affinity                      = {
TestTerraformCompleteExample 2022-08-04T19:10:50Z logger.go:66:               - nodeAffinity    = {
TestTerraformCompleteExample 2022-08-04T19:10:50Z logger.go:66:                   - preferredDuringSchedulingIgnoredDuringExecution = null
TestTerraformCompleteExample 2022-08-04T19:10:50Z logger.go:66:                   - requiredDuringSchedulingIgnoredDuringExecution  = {
TestTerraformCompleteExample 2022-08-04T19:10:50Z logger.go:66:                       - nodeSelectorTerms = null
TestTerraformCompleteExample 2022-08-04T19:10:50Z logger.go:66:                     }
TestTerraformCompleteExample 2022-08-04T19:10:50Z logger.go:66:                 }
TestTerraformCompleteExample 2022-08-04T19:10:50Z logger.go:66:               - podAffinity     = {
TestTerraformCompleteExample 2022-08-04T19:10:50Z logger.go:66:                   - preferredDuringSchedulingIgnoredDuringExecution = null
TestTerraformCompleteExample 2022-08-04T19:10:50Z logger.go:66:                   - requiredDuringSchedulingIgnoredDuringExecution  = null
TestTerraformCompleteExample 2022-08-04T19:10:50Z logger.go:66:                 }
TestTerraformCompleteExample 2022-08-04T19:10:50Z logger.go:66:               - podAntiAffinity = {
TestTerraformCompleteExample 2022-08-04T19:10:50Z logger.go:66:                   - preferredDuringSchedulingIgnoredDuringExecution = null
TestTerraformCompleteExample 2022-08-04T19:10:50Z logger.go:66:                   - requiredDuringSchedulingIgnoredDuringExecution  = null
TestTerraformCompleteExample 2022-08-04T19:10:50Z logger.go:66:                 }
TestTerraformCompleteExample 2022-08-04T19:10:50Z logger.go:66:             }
TestTerraformCompleteExample 2022-08-04T19:10:50Z logger.go:66:           - annotations                   = null
TestTerraformCompleteExample 2022-08-04T19:10:50Z logger.go:66:           - envVars                       = null
TestTerraformCompleteExample 2022-08-04T19:10:50Z logger.go:66:           - labels                        = null
TestTerraformCompleteExample 2022-08-04T19:10:50Z logger.go:66:           - podSecurityContext            = {
TestTerraformCompleteExample 2022-08-04T19:10:50Z logger.go:66:               - fsGroup             = null
TestTerraformCompleteExample 2022-08-04T19:10:50Z logger.go:66:               - fsGroupChangePolicy = null
TestTerraformCompleteExample 2022-08-04T19:10:50Z logger.go:66:               - runAsGroup          = null
TestTerraformCompleteExample 2022-08-04T19:10:50Z logger.go:66:               - runAsNonRoot        = null
TestTerraformCompleteExample 2022-08-04T19:10:50Z logger.go:66:               - runAsUser           = null
TestTerraformCompleteExample 2022-08-04T19:10:50Z logger.go:66:               - seLinuxOptions      = {
TestTerraformCompleteExample 2022-08-04T19:10:50Z logger.go:66:                   - level = null
TestTerraformCompleteExample 2022-08-04T19:10:50Z logger.go:66:                   - role  = null
TestTerraformCompleteExample 2022-08-04T19:10:50Z logger.go:66:                   - type  = null
TestTerraformCompleteExample 2022-08-04T19:10:50Z logger.go:66:                   - user  = null
TestTerraformCompleteExample 2022-08-04T19:10:50Z logger.go:66:                 }
TestTerraformCompleteExample 2022-08-04T19:10:50Z logger.go:66:               - seccompProfile      = {
TestTerraformCompleteExample 2022-08-04T19:10:50Z logger.go:66:                   - localhostProfile = null
TestTerraformCompleteExample 2022-08-04T19:10:50Z logger.go:66:                   - type             = null
TestTerraformCompleteExample 2022-08-04T19:10:50Z logger.go:66:                 }
TestTerraformCompleteExample 2022-08-04T19:10:50Z logger.go:66:               - supplementalGroups  = null
TestTerraformCompleteExample 2022-08-04T19:10:50Z logger.go:66:               - sysctls             = null
TestTerraformCompleteExample 2022-08-04T19:10:50Z logger.go:66:               - windowsOptions      = {
TestTerraformCompleteExample 2022-08-04T19:10:50Z logger.go:66:                   - gmsaCredentialSpec     = null
TestTerraformCompleteExample 2022-08-04T19:10:50Z logger.go:66:                   - gmsaCredentialSpecName = null
TestTerraformCompleteExample 2022-08-04T19:10:50Z logger.go:66:                   - hostProcess            = null
TestTerraformCompleteExample 2022-08-04T19:10:50Z logger.go:66:                   - runAsUserName          = null
TestTerraformCompleteExample 2022-08-04T19:10:50Z logger.go:66:                 }
TestTerraformCompleteExample 2022-08-04T19:10:50Z logger.go:66:             }
TestTerraformCompleteExample 2022-08-04T19:10:50Z logger.go:66:           - priorityClassName             = null
TestTerraformCompleteExample 2022-08-04T19:10:50Z logger.go:66:           - probe                         = {
TestTerraformCompleteExample 2022-08-04T19:10:50Z logger.go:66:               - liveness  = {
TestTerraformCompleteExample 2022-08-04T19:10:50Z logger.go:66:                   - failureThreshold    = null
TestTerraformCompleteExample 2022-08-04T19:10:50Z logger.go:66:                   - initialDelaySeconds = null
TestTerraformCompleteExample 2022-08-04T19:10:50Z logger.go:66:                   - periodSeconds       = null
TestTerraformCompleteExample 2022-08-04T19:10:50Z logger.go:66:                   - successThreshold    = null
TestTerraformCompleteExample 2022-08-04T19:10:50Z logger.go:66:                   - timeoutSeconds      = null
TestTerraformCompleteExample 2022-08-04T19:10:50Z logger.go:66:                 }
TestTerraformCompleteExample 2022-08-04T19:10:50Z logger.go:66:               - readiness = {
TestTerraformCompleteExample 2022-08-04T19:10:50Z logger.go:66:                   - failureThreshold    = null
TestTerraformCompleteExample 2022-08-04T19:10:50Z logger.go:66:                   - initialDelaySeconds = null
TestTerraformCompleteExample 2022-08-04T19:10:50Z logger.go:66:                   - periodSeconds       = null
TestTerraformCompleteExample 2022-08-04T19:10:50Z logger.go:66:                   - successThreshold    = null
TestTerraformCompleteExample 2022-08-04T19:10:50Z logger.go:66:                   - timeoutSeconds      = null
TestTerraformCompleteExample 2022-08-04T19:10:50Z logger.go:66:                 }
TestTerraformCompleteExample 2022-08-04T19:10:50Z logger.go:66:             }
TestTerraformCompleteExample 2022-08-04T19:10:50Z logger.go:66:           - resources                     = {
TestTerraformCompleteExample 2022-08-04T19:10:50Z logger.go:66:               - limits   = null
TestTerraformCompleteExample 2022-08-04T19:10:50Z logger.go:66:               - requests = null
TestTerraformCompleteExample 2022-08-04T19:10:50Z logger.go:66:             }
TestTerraformCompleteExample 2022-08-04T19:10:50Z logger.go:66:           - securityContext               = {
TestTerraformCompleteExample 2022-08-04T19:10:50Z logger.go:66:               - allowPrivilegeEscalation = null
TestTerraformCompleteExample 2022-08-04T19:10:50Z logger.go:66:               - capabilities             = {
TestTerraformCompleteExample 2022-08-04T19:10:50Z logger.go:66:                   - add  = null
TestTerraformCompleteExample 2022-08-04T19:10:50Z logger.go:66:                   - drop = null
TestTerraformCompleteExample 2022-08-04T19:10:50Z logger.go:66:                 }
TestTerraformCompleteExample 2022-08-04T19:10:50Z logger.go:66:               - privileged               = null
TestTerraformCompleteExample 2022-08-04T19:10:50Z logger.go:66:               - procMount                = null
TestTerraformCompleteExample 2022-08-04T19:10:50Z logger.go:66:               - readOnlyRootFilesystem   = null
TestTerraformCompleteExample 2022-08-04T19:10:50Z logger.go:66:               - runAsGroup               = null
TestTerraformCompleteExample 2022-08-04T19:10:50Z logger.go:66:               - runAsNonRoot             = null
TestTerraformCompleteExample 2022-08-04T19:10:50Z logger.go:66:               - runAsUser                = null
TestTerraformCompleteExample 2022-08-04T19:10:50Z logger.go:66:               - seLinuxOptions           = {
TestTerraformCompleteExample 2022-08-04T19:10:50Z logger.go:66:                   - level = null
TestTerraformCompleteExample 2022-08-04T19:10:50Z logger.go:66:                   - role  = null
TestTerraformCompleteExample 2022-08-04T19:10:50Z logger.go:66:                   - type  = null
TestTerraformCompleteExample 2022-08-04T19:10:50Z logger.go:66:                   - user  = null
TestTerraformCompleteExample 2022-08-04T19:10:50Z logger.go:66:                 }
TestTerraformCompleteExample 2022-08-04T19:10:50Z logger.go:66:               - seccompProfile           = {
TestTerraformCompleteExample 2022-08-04T19:10:50Z logger.go:66:                   - localhostProfile = null
TestTerraformCompleteExample 2022-08-04T19:10:50Z logger.go:66:                   - type             = null
TestTerraformCompleteExample 2022-08-04T19:10:50Z logger.go:66:                 }
TestTerraformCompleteExample 2022-08-04T19:10:50Z logger.go:66:               - windowsOptions           = {
TestTerraformCompleteExample 2022-08-04T19:10:50Z logger.go:66:                   - gmsaCredentialSpec     = null
TestTerraformCompleteExample 2022-08-04T19:10:50Z logger.go:66:                   - gmsaCredentialSpecName = null
TestTerraformCompleteExample 2022-08-04T19:10:50Z logger.go:66:                   - hostProcess            = null
TestTerraformCompleteExample 2022-08-04T19:10:50Z logger.go:66:                   - runAsUserName          = null
TestTerraformCompleteExample 2022-08-04T19:10:50Z logger.go:66:                 }
TestTerraformCompleteExample 2022-08-04T19:10:50Z logger.go:66:             }
TestTerraformCompleteExample 2022-08-04T19:10:50Z logger.go:66:           - serviceAccountName            = null
TestTerraformCompleteExample 2022-08-04T19:10:50Z logger.go:66:           - terminationGracePeriodSeconds = null
TestTerraformCompleteExample 2022-08-04T19:10:50Z logger.go:66:           - tolerations                   = null
TestTerraformCompleteExample 2022-08-04T19:10:50Z logger.go:66:           - topologySpreadConstraints     = null
TestTerraformCompleteExample 2022-08-04T19:10:50Z logger.go:66:         }
TestTerraformCompleteExample 2022-08-04T19:10:50Z logger.go:66:       - replicas           = 3
TestTerraformCompleteExample 2022-08-04T19:10:50Z logger.go:66:       - storageClass       = {
TestTerraformCompleteExample 2022-08-04T19:10:50Z logger.go:66:           - name = null
TestTerraformCompleteExample 2022-08-04T19:10:50Z logger.go:66:         }
TestTerraformCompleteExample 2022-08-04T19:10:50Z logger.go:66:       - tls                = {
TestTerraformCompleteExample 2022-08-04T19:10:50Z logger.go:66:           - autoGeneratedCerts       = null
TestTerraformCompleteExample 2022-08-04T19:10:50Z logger.go:66:           - directoryPathInContainer = null
TestTerraformCompleteExample 2022-08-04T19:10:50Z logger.go:66:           - ignoreTrustStoreConfig   = null
TestTerraformCompleteExample 2022-08-04T19:10:50Z logger.go:66:           - jksPassword              = {
TestTerraformCompleteExample 2022-08-04T19:10:50Z logger.go:66:               - secretRef = null
TestTerraformCompleteExample 2022-08-04T19:10:50Z logger.go:66:             }
TestTerraformCompleteExample 2022-08-04T19:10:50Z logger.go:66:           - secretRef                = null
TestTerraformCompleteExample 2022-08-04T19:10:50Z logger.go:66:         }
TestTerraformCompleteExample 2022-08-04T19:10:50Z logger.go:66:     } -> null
TestTerraformCompleteExample 2022-08-04T19:10:53Z logger.go:66: module.confluent_platform.module.connectors["pageviews-source"].kubernetes_manifest.connector: Destroying...
TestTerraformCompleteExample 2022-08-04T19:10:54Z logger.go:66: module.confluent_platform.module.connectors["pageviews-source"].kubernetes_manifest.connector: Destruction complete after 1s
TestTerraformCompleteExample 2022-08-04T19:10:55Z logger.go:66: module.confluent_platform.module.schemas["pageviews-value"].kubernetes_manifest.schema: Destroying...
TestTerraformCompleteExample 2022-08-04T19:10:55Z logger.go:66: module.confluent_platform.module.kafka_topics["my-other-topic"].kubernetes_manifest.topic: Destroying...
TestTerraformCompleteExample 2022-08-04T19:10:55Z logger.go:66: module.confluent_platform.module.kafka_topics["pageviews"].kubernetes_manifest.topic: Destroying...
TestTerraformCompleteExample 2022-08-04T19:10:56Z logger.go:66: module.confluent_platform.module.schemas["pageviews-value"].kubernetes_manifest.schema: Destruction complete after 1s
TestTerraformCompleteExample 2022-08-04T19:10:56Z logger.go:66: module.confluent_platform.module.kafka_topics["my-other-topic"].kubernetes_manifest.topic: Destruction complete after 1s
TestTerraformCompleteExample 2022-08-04T19:10:56Z logger.go:66: module.confluent_platform.module.kafka_topics["pageviews"].kubernetes_manifest.topic: Destruction complete after 1s
TestTerraformCompleteExample 2022-08-04T19:10:56Z logger.go:66: module.confluent_platform.module.schemas["pageviews-value"].kubernetes_config_map_v1.schema_config: Destroying... [id=confluent/pageviews-value-config]
TestTerraformCompleteExample 2022-08-04T19:10:56Z logger.go:66: module.confluent_platform.module.schemas["pageviews-value"].kubernetes_config_map_v1.schema_config: Destruction complete after 0s
TestTerraformCompleteExample 2022-08-04T19:10:57Z logger.go:66: module.confluent_platform.kubernetes_manifest.components["zookeeper"]: Destroying...
TestTerraformCompleteExample 2022-08-04T19:10:57Z logger.go:66: module.confluent_platform.kubernetes_manifest.components["schemaregistry"]: Destroying...
TestTerraformCompleteExample 2022-08-04T19:10:58Z logger.go:66: module.confluent_platform.kubernetes_manifest.components["connect"]: Destroying...
TestTerraformCompleteExample 2022-08-04T19:10:58Z logger.go:66: module.confluent_platform.kubernetes_manifest.components["kafka"]: Destroying...
TestTerraformCompleteExample 2022-08-04T19:10:58Z logger.go:66: module.confluent_platform.kubernetes_manifest.components["zookeeper"]: Destruction complete after 1s
TestTerraformCompleteExample 2022-08-04T19:10:59Z logger.go:66: module.confluent_platform.kubernetes_manifest.components["schemaregistry"]: Destruction complete after 1s
TestTerraformCompleteExample 2022-08-04T19:10:59Z logger.go:66: module.confluent_platform.kubernetes_manifest.components["connect"]: Destruction complete after 1s
TestTerraformCompleteExample 2022-08-04T19:10:59Z logger.go:66: module.confluent_platform.kubernetes_manifest.components["kafka"]: Destruction complete after 2s
TestTerraformCompleteExample 2022-08-04T19:10:59Z logger.go:66: module.confluent_platform.module.confluent_operator[0].helm_release.confluent_operator[0]: Destroying... [id=confluent-operator]
TestTerraformCompleteExample 2022-08-04T19:11:02Z logger.go:66: module.confluent_platform.module.confluent_operator[0].helm_release.confluent_operator[0]: Destruction complete after 2s
TestTerraformCompleteExample 2022-08-04T19:11:02Z logger.go:66: module.confluent_platform.module.confluent_operator[0].kubernetes_namespace_v1.namespace[0]: Destroying... [id=confluent]
TestTerraformCompleteExample 2022-08-04T19:11:12Z logger.go:66: module.confluent_platform.module.confluent_operator[0].kubernetes_namespace_v1.namespace[0]: Still destroying... [id=confluent, 10s elapsed]
TestTerraformCompleteExample 2022-08-04T19:11:22Z logger.go:66: module.confluent_platform.module.confluent_operator[0].kubernetes_namespace_v1.namespace[0]: Still destroying... [id=confluent, 20s elapsed]
TestTerraformCompleteExample 2022-08-04T19:11:32Z logger.go:66: module.confluent_platform.module.confluent_operator[0].kubernetes_namespace_v1.namespace[0]: Still destroying... [id=confluent, 30s elapsed]
TestTerraformCompleteExample 2022-08-04T19:11:42Z logger.go:66: module.confluent_platform.module.confluent_operator[0].kubernetes_namespace_v1.namespace[0]: Still destroying... [id=confluent, 40s elapsed]
TestTerraformCompleteExample 2022-08-04T19:11:45Z logger.go:66: module.confluent_platform.module.confluent_operator[0].kubernetes_namespace_v1.namespace[0]: Destruction complete after 43s
TestTerraformCompleteExample 2022-08-04T19:11:45Z logger.go:66:
TestTerraformCompleteExample 2022-08-04T19:11:45Z logger.go:66: Destroy complete! Resources: 11 destroyed.
--- PASS: TestTerraformCompleteExample (302.76s)
PASS
ok  	command-line-arguments	302.810s
