=== RUN   TestTerraformCompleteExample
TestTerraformCompleteExample 2022-07-31T19:49:44Z retry.go:91: terraform [init -upgrade=false]
TestTerraformCompleteExample 2022-07-31T19:49:44Z logger.go:66: Running command terraform with args [init -upgrade=false]
TestTerraformCompleteExample 2022-07-31T19:49:44Z logger.go:66: [0m[1mInitializing modules...[0m
TestTerraformCompleteExample 2022-07-31T19:49:45Z logger.go:66:
TestTerraformCompleteExample 2022-07-31T19:49:45Z logger.go:66: [0m[1mInitializing the backend...[0m
TestTerraformCompleteExample 2022-07-31T19:49:45Z logger.go:66:
TestTerraformCompleteExample 2022-07-31T19:49:45Z logger.go:66: [0m[1mInitializing provider plugins...[0m
TestTerraformCompleteExample 2022-07-31T19:49:45Z logger.go:66: - Reusing previous version of hashicorp/kubernetes from the dependency lock file
TestTerraformCompleteExample 2022-07-31T19:49:45Z logger.go:66: - Reusing previous version of hashicorp/helm from the dependency lock file
TestTerraformCompleteExample 2022-07-31T19:49:46Z logger.go:66: - Using previously-installed hashicorp/kubernetes v2.12.1
TestTerraformCompleteExample 2022-07-31T19:49:46Z logger.go:66: - Using previously-installed hashicorp/helm v2.6.0
TestTerraformCompleteExample 2022-07-31T19:49:46Z logger.go:66:
TestTerraformCompleteExample 2022-07-31T19:49:46Z logger.go:66: [0m[1m[32mTerraform has been successfully initialized![0m[32m[0m
TestTerraformCompleteExample 2022-07-31T19:49:46Z logger.go:66: [0m[32m
TestTerraformCompleteExample 2022-07-31T19:49:46Z logger.go:66: You may now begin working with Terraform. Try running "terraform plan" to see
TestTerraformCompleteExample 2022-07-31T19:49:46Z logger.go:66: any changes that are required for your infrastructure. All Terraform commands
TestTerraformCompleteExample 2022-07-31T19:49:46Z logger.go:66: should now work.
TestTerraformCompleteExample 2022-07-31T19:49:46Z logger.go:66:
TestTerraformCompleteExample 2022-07-31T19:49:46Z logger.go:66: If you ever set or change modules or backend configuration for Terraform,
TestTerraformCompleteExample 2022-07-31T19:49:46Z logger.go:66: rerun this command to reinitialize your working directory. If you forget, other
TestTerraformCompleteExample 2022-07-31T19:49:46Z logger.go:66: commands will detect it and remind you to do so if necessary.[0m
TestTerraformCompleteExample 2022-07-31T19:49:46Z retry.go:91: terraform [apply -input=false -auto-approve -no-color -lock=false]
TestTerraformCompleteExample 2022-07-31T19:49:46Z logger.go:66: Running command terraform with args [apply -input=false -auto-approve -no-color -lock=false]
TestTerraformCompleteExample 2022-07-31T19:49:51Z logger.go:66:
TestTerraformCompleteExample 2022-07-31T19:49:51Z logger.go:66: Terraform used the selected providers to generate the following execution
TestTerraformCompleteExample 2022-07-31T19:49:51Z logger.go:66: plan. Resource actions are indicated with the following symbols:
TestTerraformCompleteExample 2022-07-31T19:49:51Z logger.go:66:   + create
TestTerraformCompleteExample 2022-07-31T19:49:51Z logger.go:66:
TestTerraformCompleteExample 2022-07-31T19:49:51Z logger.go:66: Terraform will perform the following actions:
TestTerraformCompleteExample 2022-07-31T19:49:51Z logger.go:66:
TestTerraformCompleteExample 2022-07-31T19:49:51Z logger.go:66:   # module.confluent_platform.kubernetes_manifest.components["kafka"] will be created
TestTerraformCompleteExample 2022-07-31T19:49:51Z logger.go:66:   + resource "kubernetes_manifest" "components" {
TestTerraformCompleteExample 2022-07-31T19:49:51Z logger.go:66:       + computed_fields = [
TestTerraformCompleteExample 2022-07-31T19:49:51Z logger.go:66:           + "metadata.finalizers",
TestTerraformCompleteExample 2022-07-31T19:49:51Z logger.go:66:         ]
TestTerraformCompleteExample 2022-07-31T19:49:51Z logger.go:66:       + manifest        = {
TestTerraformCompleteExample 2022-07-31T19:49:51Z logger.go:66:           + apiVersion = "platform.confluent.io/v1beta1"
TestTerraformCompleteExample 2022-07-31T19:49:51Z logger.go:66:           + kind       = "Kafka"
TestTerraformCompleteExample 2022-07-31T19:49:51Z logger.go:66:           + metadata   = {
TestTerraformCompleteExample 2022-07-31T19:49:51Z logger.go:66:               + name      = "kafka"
TestTerraformCompleteExample 2022-07-31T19:49:51Z logger.go:66:               + namespace = "confluent"
TestTerraformCompleteExample 2022-07-31T19:49:51Z logger.go:66:             }
TestTerraformCompleteExample 2022-07-31T19:49:51Z logger.go:66:           + spec       = {
TestTerraformCompleteExample 2022-07-31T19:49:51Z logger.go:66:               + dataVolumeCapacity = "10Gi"
TestTerraformCompleteExample 2022-07-31T19:49:51Z logger.go:66:               + image              = {
TestTerraformCompleteExample 2022-07-31T19:49:51Z logger.go:66:                   + application = "confluentinc/cp-server:7.2.0"
TestTerraformCompleteExample 2022-07-31T19:49:51Z logger.go:66:                   + init        = "confluentinc/confluent-init-container:2.4.0"
TestTerraformCompleteExample 2022-07-31T19:49:51Z logger.go:66:                 }
TestTerraformCompleteExample 2022-07-31T19:49:51Z logger.go:66:               + metricReporter     = {
TestTerraformCompleteExample 2022-07-31T19:49:51Z logger.go:66:                   + enabled = true
TestTerraformCompleteExample 2022-07-31T19:49:51Z logger.go:66:                 }
TestTerraformCompleteExample 2022-07-31T19:49:51Z logger.go:66:               + replicas           = "3"
TestTerraformCompleteExample 2022-07-31T19:49:51Z logger.go:66:             }
TestTerraformCompleteExample 2022-07-31T19:49:51Z logger.go:66:         }
TestTerraformCompleteExample 2022-07-31T19:49:51Z logger.go:66:       + object          = {
TestTerraformCompleteExample 2022-07-31T19:49:51Z logger.go:66:           + apiVersion = "platform.confluent.io/v1beta1"
TestTerraformCompleteExample 2022-07-31T19:49:51Z logger.go:66:           + kind       = "Kafka"
TestTerraformCompleteExample 2022-07-31T19:49:51Z logger.go:66:           + metadata   = {
TestTerraformCompleteExample 2022-07-31T19:49:51Z logger.go:66:               + annotations                = (known after apply)
TestTerraformCompleteExample 2022-07-31T19:49:51Z logger.go:66:               + clusterName                = (known after apply)
TestTerraformCompleteExample 2022-07-31T19:49:51Z logger.go:66:               + creationTimestamp          = (known after apply)
TestTerraformCompleteExample 2022-07-31T19:49:51Z logger.go:66:               + deletionGracePeriodSeconds = (known after apply)
TestTerraformCompleteExample 2022-07-31T19:49:51Z logger.go:66:               + deletionTimestamp          = (known after apply)
TestTerraformCompleteExample 2022-07-31T19:49:51Z logger.go:66:               + finalizers                 = (known after apply)
TestTerraformCompleteExample 2022-07-31T19:49:51Z logger.go:66:               + generateName               = (known after apply)
TestTerraformCompleteExample 2022-07-31T19:49:51Z logger.go:66:               + generation                 = (known after apply)
TestTerraformCompleteExample 2022-07-31T19:49:51Z logger.go:66:               + labels                     = (known after apply)
TestTerraformCompleteExample 2022-07-31T19:49:51Z logger.go:66:               + managedFields              = (known after apply)
TestTerraformCompleteExample 2022-07-31T19:49:51Z logger.go:66:               + name                       = "kafka"
TestTerraformCompleteExample 2022-07-31T19:49:51Z logger.go:66:               + namespace                  = "confluent"
TestTerraformCompleteExample 2022-07-31T19:49:51Z logger.go:66:               + ownerReferences            = (known after apply)
TestTerraformCompleteExample 2022-07-31T19:49:51Z logger.go:66:               + resourceVersion            = (known after apply)
TestTerraformCompleteExample 2022-07-31T19:49:51Z logger.go:66:               + selfLink                   = (known after apply)
TestTerraformCompleteExample 2022-07-31T19:49:51Z logger.go:66:               + uid                        = (known after apply)
TestTerraformCompleteExample 2022-07-31T19:49:51Z logger.go:66:             }
TestTerraformCompleteExample 2022-07-31T19:49:51Z logger.go:66:           + spec       = {
TestTerraformCompleteExample 2022-07-31T19:49:51Z logger.go:66:               + authorization      = {
TestTerraformCompleteExample 2022-07-31T19:49:51Z logger.go:66:                   + superUsers = (known after apply)
TestTerraformCompleteExample 2022-07-31T19:49:51Z logger.go:66:                   + type       = (known after apply)
TestTerraformCompleteExample 2022-07-31T19:49:51Z logger.go:66:                 }
TestTerraformCompleteExample 2022-07-31T19:49:51Z logger.go:66:               + configOverrides    = {
TestTerraformCompleteExample 2022-07-31T19:49:51Z logger.go:66:                   + jvm    = (known after apply)
TestTerraformCompleteExample 2022-07-31T19:49:51Z logger.go:66:                   + log4j  = (known after apply)
TestTerraformCompleteExample 2022-07-31T19:49:51Z logger.go:66:                   + server = (known after apply)
TestTerraformCompleteExample 2022-07-31T19:49:51Z logger.go:66:                 }
TestTerraformCompleteExample 2022-07-31T19:49:51Z logger.go:66:               + dataVolumeCapacity = "10Gi"
TestTerraformCompleteExample 2022-07-31T19:49:51Z logger.go:66:               + dependencies       = {
TestTerraformCompleteExample 2022-07-31T19:49:51Z logger.go:66:                   + kafkaRest      = {
TestTerraformCompleteExample 2022-07-31T19:49:51Z logger.go:66:                       + authentication    = {
TestTerraformCompleteExample 2022-07-31T19:49:51Z logger.go:66:                           + bearer                = {
TestTerraformCompleteExample 2022-07-31T19:49:51Z logger.go:66:                               + directoryPathInContainer = (known after apply)
TestTerraformCompleteExample 2022-07-31T19:49:51Z logger.go:66:                               + secretRef                = (known after apply)
TestTerraformCompleteExample 2022-07-31T19:49:51Z logger.go:66:                             }
TestTerraformCompleteExample 2022-07-31T19:49:51Z logger.go:66:                           + jaasConfig            = {
TestTerraformCompleteExample 2022-07-31T19:49:51Z logger.go:66:                               + secretRef = (known after apply)
TestTerraformCompleteExample 2022-07-31T19:49:51Z logger.go:66:                             }
TestTerraformCompleteExample 2022-07-31T19:49:51Z logger.go:66:                           + jaasConfigPassThrough = {
TestTerraformCompleteExample 2022-07-31T19:49:51Z logger.go:66:                               + directoryPathInContainer = (known after apply)
TestTerraformCompleteExample 2022-07-31T19:49:51Z logger.go:66:                               + secretRef                = (known after apply)
TestTerraformCompleteExample 2022-07-31T19:49:51Z logger.go:66:                             }
TestTerraformCompleteExample 2022-07-31T19:49:51Z logger.go:66:                           + oauthbearer           = {
TestTerraformCompleteExample 2022-07-31T19:49:51Z logger.go:66:                               + directoryPathInContainer = (known after apply)
TestTerraformCompleteExample 2022-07-31T19:49:51Z logger.go:66:                               + secretRef                = (known after apply)
TestTerraformCompleteExample 2022-07-31T19:49:51Z logger.go:66:                             }
TestTerraformCompleteExample 2022-07-31T19:49:51Z logger.go:66:                           + type                  = (known after apply)
TestTerraformCompleteExample 2022-07-31T19:49:51Z logger.go:66:                         }
TestTerraformCompleteExample 2022-07-31T19:49:51Z logger.go:66:                       + bootstrapEndpoint = (known after apply)
TestTerraformCompleteExample 2022-07-31T19:49:51Z logger.go:66:                       + endpoint          = (known after apply)
TestTerraformCompleteExample 2022-07-31T19:49:51Z logger.go:66:                       + tls               = {
TestTerraformCompleteExample 2022-07-31T19:49:51Z logger.go:66:                           + directoryPathInContainer = (known after apply)
TestTerraformCompleteExample 2022-07-31T19:49:51Z logger.go:66:                           + enabled                  = (known after apply)
TestTerraformCompleteExample 2022-07-31T19:49:51Z logger.go:66:                           + ignoreTrustStoreConfig   = (known after apply)
TestTerraformCompleteExample 2022-07-31T19:49:51Z logger.go:66:                           + jksPassword              = {
TestTerraformCompleteExample 2022-07-31T19:49:51Z logger.go:66:                               + secretRef = (known after apply)
TestTerraformCompleteExample 2022-07-31T19:49:51Z logger.go:66:                             }
TestTerraformCompleteExample 2022-07-31T19:49:51Z logger.go:66:                           + secretRef                = (known after apply)
TestTerraformCompleteExample 2022-07-31T19:49:51Z logger.go:66:                         }
TestTerraformCompleteExample 2022-07-31T19:49:51Z logger.go:66:                     }
TestTerraformCompleteExample 2022-07-31T19:49:51Z logger.go:66:                   + mds            = {
TestTerraformCompleteExample 2022-07-31T19:49:51Z logger.go:66:                       + endpoint     = (known after apply)
TestTerraformCompleteExample 2022-07-31T19:49:51Z logger.go:66:                       + kafka        = {
TestTerraformCompleteExample 2022-07-31T19:49:51Z logger.go:66:                           + authentication    = {
TestTerraformCompleteExample 2022-07-31T19:49:51Z logger.go:66:                               + jaasConfig            = {
TestTerraformCompleteExample 2022-07-31T19:49:51Z logger.go:66:                                   + secretRef = (known after apply)
TestTerraformCompleteExample 2022-07-31T19:49:51Z logger.go:66:                                 }
TestTerraformCompleteExample 2022-07-31T19:49:51Z logger.go:66:                               + jaasConfigPassThrough = {
TestTerraformCompleteExample 2022-07-31T19:49:51Z logger.go:66:                                   + directoryPathInContainer = (known after apply)
TestTerraformCompleteExample 2022-07-31T19:49:51Z logger.go:66:                                   + secretRef                = (known after apply)
TestTerraformCompleteExample 2022-07-31T19:49:51Z logger.go:66:                                 }
TestTerraformCompleteExample 2022-07-31T19:49:51Z logger.go:66:                               + oauthbearer           = {
TestTerraformCompleteExample 2022-07-31T19:49:51Z logger.go:66:                                   + directoryPathInContainer = (known after apply)
TestTerraformCompleteExample 2022-07-31T19:49:51Z logger.go:66:                                   + secretRef                = (known after apply)
TestTerraformCompleteExample 2022-07-31T19:49:51Z logger.go:66:                                 }
TestTerraformCompleteExample 2022-07-31T19:49:51Z logger.go:66:                               + type                  = (known after apply)
TestTerraformCompleteExample 2022-07-31T19:49:51Z logger.go:66:                             }
TestTerraformCompleteExample 2022-07-31T19:49:51Z logger.go:66:                           + bootstrapEndpoint = (known after apply)
TestTerraformCompleteExample 2022-07-31T19:49:51Z logger.go:66:                           + discovery         = {
TestTerraformCompleteExample 2022-07-31T19:49:51Z logger.go:66:                               + name      = (known after apply)
TestTerraformCompleteExample 2022-07-31T19:49:51Z logger.go:66:                               + namespace = (known after apply)
TestTerraformCompleteExample 2022-07-31T19:49:51Z logger.go:66:                               + secretRef = (known after apply)
TestTerraformCompleteExample 2022-07-31T19:49:51Z logger.go:66:                             }
TestTerraformCompleteExample 2022-07-31T19:49:51Z logger.go:66:                           + tls               = {
TestTerraformCompleteExample 2022-07-31T19:49:51Z logger.go:66:                               + directoryPathInContainer = (known after apply)
TestTerraformCompleteExample 2022-07-31T19:49:51Z logger.go:66:                               + enabled                  = (known after apply)
TestTerraformCompleteExample 2022-07-31T19:49:51Z logger.go:66:                               + ignoreTrustStoreConfig   = (known after apply)
TestTerraformCompleteExample 2022-07-31T19:49:51Z logger.go:66:                               + jksPassword              = {
TestTerraformCompleteExample 2022-07-31T19:49:51Z logger.go:66:                                   + secretRef = (known after apply)
TestTerraformCompleteExample 2022-07-31T19:49:51Z logger.go:66:                                 }
TestTerraformCompleteExample 2022-07-31T19:49:51Z logger.go:66:                               + secretRef                = (known after apply)
TestTerraformCompleteExample 2022-07-31T19:49:51Z logger.go:66:                             }
TestTerraformCompleteExample 2022-07-31T19:49:51Z logger.go:66:                         }
TestTerraformCompleteExample 2022-07-31T19:49:51Z logger.go:66:                       + tls          = {
TestTerraformCompleteExample 2022-07-31T19:49:51Z logger.go:66:                           + directoryPathInContainer = (known after apply)
TestTerraformCompleteExample 2022-07-31T19:49:51Z logger.go:66:                           + enabled                  = (known after apply)
TestTerraformCompleteExample 2022-07-31T19:49:51Z logger.go:66:                           + ignoreTrustStoreConfig   = (known after apply)
TestTerraformCompleteExample 2022-07-31T19:49:51Z logger.go:66:                           + jksPassword              = {
TestTerraformCompleteExample 2022-07-31T19:49:51Z logger.go:66:                               + secretRef = (known after apply)
TestTerraformCompleteExample 2022-07-31T19:49:51Z logger.go:66:                             }
TestTerraformCompleteExample 2022-07-31T19:49:51Z logger.go:66:                           + secretRef                = (known after apply)
TestTerraformCompleteExample 2022-07-31T19:49:51Z logger.go:66:                         }
TestTerraformCompleteExample 2022-07-31T19:49:51Z logger.go:66:                       + tokenKeyPair = {
TestTerraformCompleteExample 2022-07-31T19:49:51Z logger.go:66:                           + directoryPathInContainer = (known after apply)
TestTerraformCompleteExample 2022-07-31T19:49:51Z logger.go:66:                           + secretRef                = (known after apply)
TestTerraformCompleteExample 2022-07-31T19:49:51Z logger.go:66:                         }
TestTerraformCompleteExample 2022-07-31T19:49:51Z logger.go:66:                     }
TestTerraformCompleteExample 2022-07-31T19:49:51Z logger.go:66:                   + schemaRegistry = {
TestTerraformCompleteExample 2022-07-31T19:49:51Z logger.go:66:                       + authentication = {
TestTerraformCompleteExample 2022-07-31T19:49:51Z logger.go:66:                           + basic = {
TestTerraformCompleteExample 2022-07-31T19:49:51Z logger.go:66:                               + debug                    = (known after apply)
TestTerraformCompleteExample 2022-07-31T19:49:51Z logger.go:66:                               + directoryPathInContainer = (known after apply)
TestTerraformCompleteExample 2022-07-31T19:49:51Z logger.go:66:                               + restrictedRoles          = (known after apply)
TestTerraformCompleteExample 2022-07-31T19:49:51Z logger.go:66:                               + roles                    = (known after apply)
TestTerraformCompleteExample 2022-07-31T19:49:51Z logger.go:66:                               + secretRef                = (known after apply)
TestTerraformCompleteExample 2022-07-31T19:49:51Z logger.go:66:                             }
TestTerraformCompleteExample 2022-07-31T19:49:51Z logger.go:66:                           + type  = (known after apply)
TestTerraformCompleteExample 2022-07-31T19:49:51Z logger.go:66:                         }
TestTerraformCompleteExample 2022-07-31T19:49:51Z logger.go:66:                       + tls            = {
TestTerraformCompleteExample 2022-07-31T19:49:51Z logger.go:66:                           + directoryPathInContainer = (known after apply)
TestTerraformCompleteExample 2022-07-31T19:49:51Z logger.go:66:                           + enabled                  = (known after apply)
TestTerraformCompleteExample 2022-07-31T19:49:51Z logger.go:66:                           + ignoreTrustStoreConfig   = (known after apply)
TestTerraformCompleteExample 2022-07-31T19:49:51Z logger.go:66:                           + jksPassword              = {
TestTerraformCompleteExample 2022-07-31T19:49:51Z logger.go:66:                               + secretRef = (known after apply)
TestTerraformCompleteExample 2022-07-31T19:49:51Z logger.go:66:                             }
TestTerraformCompleteExample 2022-07-31T19:49:51Z logger.go:66:                           + secretRef                = (known after apply)
TestTerraformCompleteExample 2022-07-31T19:49:51Z logger.go:66:                         }
TestTerraformCompleteExample 2022-07-31T19:49:51Z logger.go:66:                       + url            = (known after apply)
TestTerraformCompleteExample 2022-07-31T19:49:51Z logger.go:66:                     }
TestTerraformCompleteExample 2022-07-31T19:49:51Z logger.go:66:                   + zookeeper      = {
TestTerraformCompleteExample 2022-07-31T19:49:51Z logger.go:66:                       + authentication = {
TestTerraformCompleteExample 2022-07-31T19:49:51Z logger.go:66:                           + jaasConfig            = {
TestTerraformCompleteExample 2022-07-31T19:49:51Z logger.go:66:                               + secretRef = (known after apply)
TestTerraformCompleteExample 2022-07-31T19:49:51Z logger.go:66:                             }
TestTerraformCompleteExample 2022-07-31T19:49:51Z logger.go:66:                           + jaasConfigPassThrough = {
TestTerraformCompleteExample 2022-07-31T19:49:51Z logger.go:66:                               + directoryPathInContainer = (known after apply)
TestTerraformCompleteExample 2022-07-31T19:49:51Z logger.go:66:                               + secretRef                = (known after apply)
TestTerraformCompleteExample 2022-07-31T19:49:51Z logger.go:66:                             }
TestTerraformCompleteExample 2022-07-31T19:49:51Z logger.go:66:                           + oauthbearer           = {
TestTerraformCompleteExample 2022-07-31T19:49:51Z logger.go:66:                               + directoryPathInContainer = (known after apply)
TestTerraformCompleteExample 2022-07-31T19:49:51Z logger.go:66:                               + secretRef                = (known after apply)
TestTerraformCompleteExample 2022-07-31T19:49:51Z logger.go:66:                             }
TestTerraformCompleteExample 2022-07-31T19:49:51Z logger.go:66:                           + type                  = (known after apply)
TestTerraformCompleteExample 2022-07-31T19:49:51Z logger.go:66:                         }
TestTerraformCompleteExample 2022-07-31T19:49:51Z logger.go:66:                       + discovery      = {
TestTerraformCompleteExample 2022-07-31T19:49:51Z logger.go:66:                           + name      = (known after apply)
TestTerraformCompleteExample 2022-07-31T19:49:51Z logger.go:66:                           + namespace = (known after apply)
TestTerraformCompleteExample 2022-07-31T19:49:51Z logger.go:66:                           + secretRef = (known after apply)
TestTerraformCompleteExample 2022-07-31T19:49:51Z logger.go:66:                         }
TestTerraformCompleteExample 2022-07-31T19:49:51Z logger.go:66:                       + endpoint       = (known after apply)
TestTerraformCompleteExample 2022-07-31T19:49:51Z logger.go:66:                       + tls            = {
TestTerraformCompleteExample 2022-07-31T19:49:51Z logger.go:66:                           + directoryPathInContainer = (known after apply)
TestTerraformCompleteExample 2022-07-31T19:49:51Z logger.go:66:                           + enabled                  = (known after apply)
TestTerraformCompleteExample 2022-07-31T19:49:51Z logger.go:66:                           + ignoreTrustStoreConfig   = (known after apply)
TestTerraformCompleteExample 2022-07-31T19:49:51Z logger.go:66:                           + jksPassword              = {
TestTerraformCompleteExample 2022-07-31T19:49:51Z logger.go:66:                               + secretRef = (known after apply)
TestTerraformCompleteExample 2022-07-31T19:49:51Z logger.go:66:                             }
TestTerraformCompleteExample 2022-07-31T19:49:51Z logger.go:66:                           + secretRef                = (known after apply)
TestTerraformCompleteExample 2022-07-31T19:49:51Z logger.go:66:                         }
TestTerraformCompleteExample 2022-07-31T19:49:51Z logger.go:66:                     }
TestTerraformCompleteExample 2022-07-31T19:49:51Z logger.go:66:                 }
TestTerraformCompleteExample 2022-07-31T19:49:51Z logger.go:66:               + headlessService    = {
TestTerraformCompleteExample 2022-07-31T19:49:51Z logger.go:66:                   + annotations              = (known after apply)
TestTerraformCompleteExample 2022-07-31T19:49:51Z logger.go:66:                   + labels                   = (known after apply)
TestTerraformCompleteExample 2022-07-31T19:49:51Z logger.go:66:                   + publishNotReadyAddresses = (known after apply)
TestTerraformCompleteExample 2022-07-31T19:49:51Z logger.go:66:                 }
TestTerraformCompleteExample 2022-07-31T19:49:51Z logger.go:66:               + identityProvider   = {
TestTerraformCompleteExample 2022-07-31T19:49:51Z logger.go:66:                   + ldap = {
TestTerraformCompleteExample 2022-07-31T19:49:51Z logger.go:66:                       + address        = (known after apply)
TestTerraformCompleteExample 2022-07-31T19:49:51Z logger.go:66:                       + authentication = {
TestTerraformCompleteExample 2022-07-31T19:49:51Z logger.go:66:                           + simple = {
TestTerraformCompleteExample 2022-07-31T19:49:51Z logger.go:66:                               + directoryPathInContainer = (known after apply)
TestTerraformCompleteExample 2022-07-31T19:49:51Z logger.go:66:                               + secretRef                = (known after apply)
TestTerraformCompleteExample 2022-07-31T19:49:51Z logger.go:66:                             }
TestTerraformCompleteExample 2022-07-31T19:49:51Z logger.go:66:                           + type   = (known after apply)
TestTerraformCompleteExample 2022-07-31T19:49:51Z logger.go:66:                         }
TestTerraformCompleteExample 2022-07-31T19:49:51Z logger.go:66:                       + configurations = {
TestTerraformCompleteExample 2022-07-31T19:49:51Z logger.go:66:                           + groupMemberAttribute         = (known after apply)
TestTerraformCompleteExample 2022-07-31T19:49:51Z logger.go:66:                           + groupMemberAttributePattern  = (known after apply)
TestTerraformCompleteExample 2022-07-31T19:49:51Z logger.go:66:                           + groupNameAttribute           = (known after apply)
TestTerraformCompleteExample 2022-07-31T19:49:51Z logger.go:66:                           + groupObjectClass             = (known after apply)
TestTerraformCompleteExample 2022-07-31T19:49:51Z logger.go:66:                           + groupSearchBase              = (known after apply)
TestTerraformCompleteExample 2022-07-31T19:49:51Z logger.go:66:                           + groupSearchFilter            = (known after apply)
TestTerraformCompleteExample 2022-07-31T19:49:51Z logger.go:66:                           + groupSearchScope             = (known after apply)
TestTerraformCompleteExample 2022-07-31T19:49:51Z logger.go:66:                           + userMemberOfAttributePattern = (known after apply)
TestTerraformCompleteExample 2022-07-31T19:49:51Z logger.go:66:                           + userNameAttribute            = (known after apply)
TestTerraformCompleteExample 2022-07-31T19:49:51Z logger.go:66:                           + userObjectClass              = (known after apply)
TestTerraformCompleteExample 2022-07-31T19:49:51Z logger.go:66:                           + userSearchBase               = (known after apply)
TestTerraformCompleteExample 2022-07-31T19:49:51Z logger.go:66:                           + userSearchFilter             = (known after apply)
TestTerraformCompleteExample 2022-07-31T19:49:51Z logger.go:66:                           + userSearchScope              = (known after apply)
TestTerraformCompleteExample 2022-07-31T19:49:51Z logger.go:66:                         }
TestTerraformCompleteExample 2022-07-31T19:49:51Z logger.go:66:                       + tls            = {
TestTerraformCompleteExample 2022-07-31T19:49:51Z logger.go:66:                           + directoryPathInContainer = (known after apply)
TestTerraformCompleteExample 2022-07-31T19:49:51Z logger.go:66:                           + enabled                  = (known after apply)
TestTerraformCompleteExample 2022-07-31T19:49:51Z logger.go:66:                           + ignoreTrustStoreConfig   = (known after apply)
TestTerraformCompleteExample 2022-07-31T19:49:51Z logger.go:66:                           + jksPassword              = {
TestTerraformCompleteExample 2022-07-31T19:49:51Z logger.go:66:                               + secretRef = (known after apply)
TestTerraformCompleteExample 2022-07-31T19:49:51Z logger.go:66:                             }
TestTerraformCompleteExample 2022-07-31T19:49:51Z logger.go:66:                           + secretRef                = (known after apply)
TestTerraformCompleteExample 2022-07-31T19:49:51Z logger.go:66:                         }
TestTerraformCompleteExample 2022-07-31T19:49:51Z logger.go:66:                     }
TestTerraformCompleteExample 2022-07-31T19:49:51Z logger.go:66:                   + type = (known after apply)
TestTerraformCompleteExample 2022-07-31T19:49:51Z logger.go:66:                 }
TestTerraformCompleteExample 2022-07-31T19:49:51Z logger.go:66:               + image              = {
TestTerraformCompleteExample 2022-07-31T19:49:51Z logger.go:66:                   + application   = "confluentinc/cp-server:7.2.0"
TestTerraformCompleteExample 2022-07-31T19:49:51Z logger.go:66:                   + init          = "confluentinc/confluent-init-container:2.4.0"
TestTerraformCompleteExample 2022-07-31T19:49:51Z logger.go:66:                   + pullPolicy    = (known after apply)
TestTerraformCompleteExample 2022-07-31T19:49:51Z logger.go:66:                   + pullSecretRef = (known after apply)
TestTerraformCompleteExample 2022-07-31T19:49:51Z logger.go:66:                 }
TestTerraformCompleteExample 2022-07-31T19:49:51Z logger.go:66:               + injectAnnotations  = (known after apply)
TestTerraformCompleteExample 2022-07-31T19:49:51Z logger.go:66:               + injectLabels       = (known after apply)
TestTerraformCompleteExample 2022-07-31T19:49:51Z logger.go:66:               + k8sClusterDomain   = (known after apply)
TestTerraformCompleteExample 2022-07-31T19:49:51Z logger.go:66:               + license            = {
TestTerraformCompleteExample 2022-07-31T19:49:51Z logger.go:66:                   + directoryPathInContainer = (known after apply)
TestTerraformCompleteExample 2022-07-31T19:49:51Z logger.go:66:                   + globalLicense            = (known after apply)
TestTerraformCompleteExample 2022-07-31T19:49:51Z logger.go:66:                   + secretRef                = (known after apply)
TestTerraformCompleteExample 2022-07-31T19:49:51Z logger.go:66:                 }
TestTerraformCompleteExample 2022-07-31T19:49:51Z logger.go:66:               + listeners          = {
TestTerraformCompleteExample 2022-07-31T19:49:51Z logger.go:66:                   + custom   = (known after apply)
TestTerraformCompleteExample 2022-07-31T19:49:51Z logger.go:66:                   + external = {
TestTerraformCompleteExample 2022-07-31T19:49:51Z logger.go:66:                       + authentication = {
TestTerraformCompleteExample 2022-07-31T19:49:51Z logger.go:66:                           + jaasConfig            = {
TestTerraformCompleteExample 2022-07-31T19:49:51Z logger.go:66:                               + secretRef = (known after apply)
TestTerraformCompleteExample 2022-07-31T19:49:51Z logger.go:66:                             }
TestTerraformCompleteExample 2022-07-31T19:49:51Z logger.go:66:                           + jaasConfigPassThrough = {
TestTerraformCompleteExample 2022-07-31T19:49:51Z logger.go:66:                               + directoryPathInContainer = (known after apply)
TestTerraformCompleteExample 2022-07-31T19:49:51Z logger.go:66:                               + secretRef                = (known after apply)
TestTerraformCompleteExample 2022-07-31T19:49:51Z logger.go:66:                             }
TestTerraformCompleteExample 2022-07-31T19:49:51Z logger.go:66:                           + principalMappingRules = (known after apply)
TestTerraformCompleteExample 2022-07-31T19:49:51Z logger.go:66:                           + type                  = (known after apply)
TestTerraformCompleteExample 2022-07-31T19:49:51Z logger.go:66:                         }
TestTerraformCompleteExample 2022-07-31T19:49:51Z logger.go:66:                       + externalAccess = {
TestTerraformCompleteExample 2022-07-31T19:49:51Z logger.go:66:                           + loadBalancer              = {
TestTerraformCompleteExample 2022-07-31T19:49:51Z logger.go:66:                               + advertisedPort           = (known after apply)
TestTerraformCompleteExample 2022-07-31T19:49:51Z logger.go:66:                               + annotations              = (known after apply)
TestTerraformCompleteExample 2022-07-31T19:49:51Z logger.go:66:                               + bootstrapPrefix          = (known after apply)
TestTerraformCompleteExample 2022-07-31T19:49:51Z logger.go:66:                               + brokerPrefix             = (known after apply)
TestTerraformCompleteExample 2022-07-31T19:49:51Z logger.go:66:                               + domain                   = (known after apply)
TestTerraformCompleteExample 2022-07-31T19:49:51Z logger.go:66:                               + externalTrafficPolicy    = (known after apply)
TestTerraformCompleteExample 2022-07-31T19:49:51Z logger.go:66:                               + labels                   = (known after apply)
TestTerraformCompleteExample 2022-07-31T19:49:51Z logger.go:66:                               + loadBalancerSourceRanges = (known after apply)
TestTerraformCompleteExample 2022-07-31T19:49:51Z logger.go:66:                               + servicePorts             = (known after apply)
TestTerraformCompleteExample 2022-07-31T19:49:51Z logger.go:66:                               + sessionAffinity          = (known after apply)
TestTerraformCompleteExample 2022-07-31T19:49:51Z logger.go:66:                               + sessionAffinityConfig    = {
TestTerraformCompleteExample 2022-07-31T19:49:51Z logger.go:66:                                   + clientIP = {
TestTerraformCompleteExample 2022-07-31T19:49:51Z logger.go:66:                                       + timeoutSeconds = (known after apply)
TestTerraformCompleteExample 2022-07-31T19:49:51Z logger.go:66:                                     }
TestTerraformCompleteExample 2022-07-31T19:49:51Z logger.go:66:                                 }
TestTerraformCompleteExample 2022-07-31T19:49:51Z logger.go:66:                             }
TestTerraformCompleteExample 2022-07-31T19:49:51Z logger.go:66:                           + nodePort                  = {
TestTerraformCompleteExample 2022-07-31T19:49:51Z logger.go:66:                               + advertisedURL         = {
TestTerraformCompleteExample 2022-07-31T19:49:51Z logger.go:66:                                   + enabled = (known after apply)
TestTerraformCompleteExample 2022-07-31T19:49:51Z logger.go:66:                                   + prefix  = (known after apply)
TestTerraformCompleteExample 2022-07-31T19:49:51Z logger.go:66:                                 }
TestTerraformCompleteExample 2022-07-31T19:49:51Z logger.go:66:                               + annotations           = (known after apply)
TestTerraformCompleteExample 2022-07-31T19:49:51Z logger.go:66:                               + externalTrafficPolicy = (known after apply)
TestTerraformCompleteExample 2022-07-31T19:49:51Z logger.go:66:                               + host                  = (known after apply)
TestTerraformCompleteExample 2022-07-31T19:49:51Z logger.go:66:                               + labels                = (known after apply)
TestTerraformCompleteExample 2022-07-31T19:49:51Z logger.go:66:                               + nodePortOffset        = (known after apply)
TestTerraformCompleteExample 2022-07-31T19:49:51Z logger.go:66:                               + servicePorts          = (known after apply)
TestTerraformCompleteExample 2022-07-31T19:49:51Z logger.go:66:                               + sessionAffinity       = (known after apply)
TestTerraformCompleteExample 2022-07-31T19:49:51Z logger.go:66:                               + sessionAffinityConfig = {
TestTerraformCompleteExample 2022-07-31T19:49:51Z logger.go:66:                                   + clientIP = {
TestTerraformCompleteExample 2022-07-31T19:49:51Z logger.go:66:                                       + timeoutSeconds = (known after apply)
TestTerraformCompleteExample 2022-07-31T19:49:51Z logger.go:66:                                     }
TestTerraformCompleteExample 2022-07-31T19:49:51Z logger.go:66:                                 }
TestTerraformCompleteExample 2022-07-31T19:49:51Z logger.go:66:                             }
TestTerraformCompleteExample 2022-07-31T19:49:51Z logger.go:66:                           + route                     = {
TestTerraformCompleteExample 2022-07-31T19:49:51Z logger.go:66:                               + annotations     = (known after apply)
TestTerraformCompleteExample 2022-07-31T19:49:51Z logger.go:66:                               + bootstrapPrefix = (known after apply)
TestTerraformCompleteExample 2022-07-31T19:49:51Z logger.go:66:                               + brokerPrefix    = (known after apply)
TestTerraformCompleteExample 2022-07-31T19:49:51Z logger.go:66:                               + domain          = (known after apply)
TestTerraformCompleteExample 2022-07-31T19:49:51Z logger.go:66:                               + labels          = (known after apply)
TestTerraformCompleteExample 2022-07-31T19:49:51Z logger.go:66:                               + wildcardPolicy  = (known after apply)
TestTerraformCompleteExample 2022-07-31T19:49:51Z logger.go:66:                             }
TestTerraformCompleteExample 2022-07-31T19:49:51Z logger.go:66:                           + staticForHostBasedRouting = {
TestTerraformCompleteExample 2022-07-31T19:49:51Z logger.go:66:                               + brokerPrefix = (known after apply)
TestTerraformCompleteExample 2022-07-31T19:49:51Z logger.go:66:                               + domain       = (known after apply)
TestTerraformCompleteExample 2022-07-31T19:49:51Z logger.go:66:                               + port         = (known after apply)
TestTerraformCompleteExample 2022-07-31T19:49:51Z logger.go:66:                             }
TestTerraformCompleteExample 2022-07-31T19:49:51Z logger.go:66:                           + staticForPortBasedRouting = {
TestTerraformCompleteExample 2022-07-31T19:49:51Z logger.go:66:                               + host       = (known after apply)
TestTerraformCompleteExample 2022-07-31T19:49:51Z logger.go:66:                               + portOffset = (known after apply)
TestTerraformCompleteExample 2022-07-31T19:49:51Z logger.go:66:                             }
TestTerraformCompleteExample 2022-07-31T19:49:51Z logger.go:66:                           + type                      = (known after apply)
TestTerraformCompleteExample 2022-07-31T19:49:51Z logger.go:66:                         }
TestTerraformCompleteExample 2022-07-31T19:49:51Z logger.go:66:                       + tls            = {
TestTerraformCompleteExample 2022-07-31T19:49:51Z logger.go:66:                           + directoryPathInContainer = (known after apply)
TestTerraformCompleteExample 2022-07-31T19:49:51Z logger.go:66:                           + enabled                  = (known after apply)
TestTerraformCompleteExample 2022-07-31T19:49:51Z logger.go:66:                           + ignoreTrustStoreConfig   = (known after apply)
TestTerraformCompleteExample 2022-07-31T19:49:51Z logger.go:66:                           + jksPassword              = {
TestTerraformCompleteExample 2022-07-31T19:49:51Z logger.go:66:                               + secretRef = (known after apply)
TestTerraformCompleteExample 2022-07-31T19:49:51Z logger.go:66:                             }
TestTerraformCompleteExample 2022-07-31T19:49:51Z logger.go:66:                           + secretRef                = (known after apply)
TestTerraformCompleteExample 2022-07-31T19:49:51Z logger.go:66:                         }
TestTerraformCompleteExample 2022-07-31T19:49:51Z logger.go:66:                     }
TestTerraformCompleteExample 2022-07-31T19:49:51Z logger.go:66:                   + internal = {
TestTerraformCompleteExample 2022-07-31T19:49:51Z logger.go:66:                       + authentication = {
TestTerraformCompleteExample 2022-07-31T19:49:51Z logger.go:66:                           + jaasConfig            = {
TestTerraformCompleteExample 2022-07-31T19:49:51Z logger.go:66:                               + secretRef = (known after apply)
TestTerraformCompleteExample 2022-07-31T19:49:51Z logger.go:66:                             }
TestTerraformCompleteExample 2022-07-31T19:49:51Z logger.go:66:                           + jaasConfigPassThrough = {
TestTerraformCompleteExample 2022-07-31T19:49:51Z logger.go:66:                               + directoryPathInContainer = (known after apply)
TestTerraformCompleteExample 2022-07-31T19:49:51Z logger.go:66:                               + secretRef                = (known after apply)
TestTerraformCompleteExample 2022-07-31T19:49:51Z logger.go:66:                             }
TestTerraformCompleteExample 2022-07-31T19:49:51Z logger.go:66:                           + principalMappingRules = (known after apply)
TestTerraformCompleteExample 2022-07-31T19:49:51Z logger.go:66:                           + type                  = (known after apply)
TestTerraformCompleteExample 2022-07-31T19:49:51Z logger.go:66:                         }
TestTerraformCompleteExample 2022-07-31T19:49:51Z logger.go:66:                       + tls            = {
TestTerraformCompleteExample 2022-07-31T19:49:51Z logger.go:66:                           + directoryPathInContainer = (known after apply)
TestTerraformCompleteExample 2022-07-31T19:49:51Z logger.go:66:                           + enabled                  = (known after apply)
TestTerraformCompleteExample 2022-07-31T19:49:51Z logger.go:66:                           + ignoreTrustStoreConfig   = (known after apply)
TestTerraformCompleteExample 2022-07-31T19:49:51Z logger.go:66:                           + jksPassword              = {
TestTerraformCompleteExample 2022-07-31T19:49:51Z logger.go:66:                               + secretRef = (known after apply)
TestTerraformCompleteExample 2022-07-31T19:49:51Z logger.go:66:                             }
TestTerraformCompleteExample 2022-07-31T19:49:51Z logger.go:66:                           + secretRef                = (known after apply)
TestTerraformCompleteExample 2022-07-31T19:49:51Z logger.go:66:                         }
TestTerraformCompleteExample 2022-07-31T19:49:51Z logger.go:66:                     }
TestTerraformCompleteExample 2022-07-31T19:49:51Z logger.go:66:                 }
TestTerraformCompleteExample 2022-07-31T19:49:51Z logger.go:66:               + metricReporter     = {
TestTerraformCompleteExample 2022-07-31T19:49:51Z logger.go:66:                   + authentication    = {
TestTerraformCompleteExample 2022-07-31T19:49:51Z logger.go:66:                       + jaasConfig            = {
TestTerraformCompleteExample 2022-07-31T19:49:51Z logger.go:66:                           + secretRef = (known after apply)
TestTerraformCompleteExample 2022-07-31T19:49:51Z logger.go:66:                         }
TestTerraformCompleteExample 2022-07-31T19:49:51Z logger.go:66:                       + jaasConfigPassThrough = {
TestTerraformCompleteExample 2022-07-31T19:49:51Z logger.go:66:                           + directoryPathInContainer = (known after apply)
TestTerraformCompleteExample 2022-07-31T19:49:51Z logger.go:66:                           + secretRef                = (known after apply)
TestTerraformCompleteExample 2022-07-31T19:49:51Z logger.go:66:                         }
TestTerraformCompleteExample 2022-07-31T19:49:51Z logger.go:66:                       + oauthbearer           = {
TestTerraformCompleteExample 2022-07-31T19:49:51Z logger.go:66:                           + directoryPathInContainer = (known after apply)
TestTerraformCompleteExample 2022-07-31T19:49:51Z logger.go:66:                           + secretRef                = (known after apply)
TestTerraformCompleteExample 2022-07-31T19:49:51Z logger.go:66:                         }
TestTerraformCompleteExample 2022-07-31T19:49:51Z logger.go:66:                       + type                  = (known after apply)
TestTerraformCompleteExample 2022-07-31T19:49:51Z logger.go:66:                     }
TestTerraformCompleteExample 2022-07-31T19:49:51Z logger.go:66:                   + bootstrapEndpoint = (known after apply)
TestTerraformCompleteExample 2022-07-31T19:49:51Z logger.go:66:                   + enabled           = true
TestTerraformCompleteExample 2022-07-31T19:49:51Z logger.go:66:                   + replicationFactor = (known after apply)
TestTerraformCompleteExample 2022-07-31T19:49:51Z logger.go:66:                   + tls               = {
TestTerraformCompleteExample 2022-07-31T19:49:51Z logger.go:66:                       + directoryPathInContainer = (known after apply)
TestTerraformCompleteExample 2022-07-31T19:49:51Z logger.go:66:                       + enabled                  = (known after apply)
TestTerraformCompleteExample 2022-07-31T19:49:51Z logger.go:66:                       + ignoreTrustStoreConfig   = (known after apply)
TestTerraformCompleteExample 2022-07-31T19:49:51Z logger.go:66:                       + jksPassword              = {
TestTerraformCompleteExample 2022-07-31T19:49:51Z logger.go:66:                           + secretRef = (known after apply)
TestTerraformCompleteExample 2022-07-31T19:49:51Z logger.go:66:                         }
TestTerraformCompleteExample 2022-07-31T19:49:51Z logger.go:66:                       + secretRef                = (known after apply)
TestTerraformCompleteExample 2022-07-31T19:49:51Z logger.go:66:                     }
TestTerraformCompleteExample 2022-07-31T19:49:51Z logger.go:66:                 }
TestTerraformCompleteExample 2022-07-31T19:49:51Z logger.go:66:               + metrics            = {
TestTerraformCompleteExample 2022-07-31T19:49:51Z logger.go:66:                   + authentication = {
TestTerraformCompleteExample 2022-07-31T19:49:51Z logger.go:66:                       + type = (known after apply)
TestTerraformCompleteExample 2022-07-31T19:49:51Z logger.go:66:                     }
TestTerraformCompleteExample 2022-07-31T19:49:51Z logger.go:66:                   + prometheus     = {
TestTerraformCompleteExample 2022-07-31T19:49:51Z logger.go:66:                       + blacklist = (known after apply)
TestTerraformCompleteExample 2022-07-31T19:49:51Z logger.go:66:                       + rules     = (known after apply)
TestTerraformCompleteExample 2022-07-31T19:49:51Z logger.go:66:                       + whitelist = (known after apply)
TestTerraformCompleteExample 2022-07-31T19:49:51Z logger.go:66:                     }
TestTerraformCompleteExample 2022-07-31T19:49:51Z logger.go:66:                   + tls            = {
TestTerraformCompleteExample 2022-07-31T19:49:51Z logger.go:66:                       + directoryPathInContainer = (known after apply)
TestTerraformCompleteExample 2022-07-31T19:49:51Z logger.go:66:                       + enabled                  = (known after apply)
TestTerraformCompleteExample 2022-07-31T19:49:51Z logger.go:66:                       + ignoreTrustStoreConfig   = (known after apply)
TestTerraformCompleteExample 2022-07-31T19:49:51Z logger.go:66:                       + jksPassword              = {
TestTerraformCompleteExample 2022-07-31T19:49:51Z logger.go:66:                           + secretRef = (known after apply)
TestTerraformCompleteExample 2022-07-31T19:49:51Z logger.go:66:                         }
TestTerraformCompleteExample 2022-07-31T19:49:51Z logger.go:66:                       + secretRef                = (known after apply)
TestTerraformCompleteExample 2022-07-31T19:49:51Z logger.go:66:                     }
TestTerraformCompleteExample 2022-07-31T19:49:51Z logger.go:66:                 }
TestTerraformCompleteExample 2022-07-31T19:49:51Z logger.go:66:               + mountedSecrets     = (known after apply)
TestTerraformCompleteExample 2022-07-31T19:49:51Z logger.go:66:               + mountedVolumes     = {
TestTerraformCompleteExample 2022-07-31T19:49:51Z logger.go:66:                   + volumeMounts = (known after apply)
TestTerraformCompleteExample 2022-07-31T19:49:51Z logger.go:66:                   + volumes      = (known after apply)
TestTerraformCompleteExample 2022-07-31T19:49:51Z logger.go:66:                 }
TestTerraformCompleteExample 2022-07-31T19:49:51Z logger.go:66:               + oneReplicaPerNode  = (known after apply)
TestTerraformCompleteExample 2022-07-31T19:49:51Z logger.go:66:               + passwordEncoder    = {
TestTerraformCompleteExample 2022-07-31T19:49:51Z logger.go:66:                   + directoryPathInContainer = (known after apply)
TestTerraformCompleteExample 2022-07-31T19:49:51Z logger.go:66:                   + secretRef                = (known after apply)
TestTerraformCompleteExample 2022-07-31T19:49:51Z logger.go:66:                 }
TestTerraformCompleteExample 2022-07-31T19:49:51Z logger.go:66:               + podTemplate        = {
TestTerraformCompleteExample 2022-07-31T19:49:51Z logger.go:66:                   + affinity                      = {
TestTerraformCompleteExample 2022-07-31T19:49:51Z logger.go:66:                       + nodeAffinity    = {
TestTerraformCompleteExample 2022-07-31T19:49:51Z logger.go:66:                           + preferredDuringSchedulingIgnoredDuringExecution = (known after apply)
TestTerraformCompleteExample 2022-07-31T19:49:51Z logger.go:66:                           + requiredDuringSchedulingIgnoredDuringExecution  = {
TestTerraformCompleteExample 2022-07-31T19:49:51Z logger.go:66:                               + nodeSelectorTerms = (known after apply)
TestTerraformCompleteExample 2022-07-31T19:49:51Z logger.go:66:                             }
TestTerraformCompleteExample 2022-07-31T19:49:51Z logger.go:66:                         }
TestTerraformCompleteExample 2022-07-31T19:49:51Z logger.go:66:                       + podAffinity     = {
TestTerraformCompleteExample 2022-07-31T19:49:51Z logger.go:66:                           + preferredDuringSchedulingIgnoredDuringExecution = (known after apply)
TestTerraformCompleteExample 2022-07-31T19:49:51Z logger.go:66:                           + requiredDuringSchedulingIgnoredDuringExecution  = (known after apply)
TestTerraformCompleteExample 2022-07-31T19:49:51Z logger.go:66:                         }
TestTerraformCompleteExample 2022-07-31T19:49:51Z logger.go:66:                       + podAntiAffinity = {
TestTerraformCompleteExample 2022-07-31T19:49:51Z logger.go:66:                           + preferredDuringSchedulingIgnoredDuringExecution = (known after apply)
TestTerraformCompleteExample 2022-07-31T19:49:51Z logger.go:66:                           + requiredDuringSchedulingIgnoredDuringExecution  = (known after apply)
TestTerraformCompleteExample 2022-07-31T19:49:51Z logger.go:66:                         }
TestTerraformCompleteExample 2022-07-31T19:49:51Z logger.go:66:                     }
TestTerraformCompleteExample 2022-07-31T19:49:51Z logger.go:66:                   + annotations                   = (known after apply)
TestTerraformCompleteExample 2022-07-31T19:49:51Z logger.go:66:                   + envVars                       = (known after apply)
TestTerraformCompleteExample 2022-07-31T19:49:51Z logger.go:66:                   + labels                        = (known after apply)
TestTerraformCompleteExample 2022-07-31T19:49:51Z logger.go:66:                   + podSecurityContext            = {
TestTerraformCompleteExample 2022-07-31T19:49:51Z logger.go:66:                       + fsGroup             = (known after apply)
TestTerraformCompleteExample 2022-07-31T19:49:51Z logger.go:66:                       + fsGroupChangePolicy = (known after apply)
TestTerraformCompleteExample 2022-07-31T19:49:51Z logger.go:66:                       + runAsGroup          = (known after apply)
TestTerraformCompleteExample 2022-07-31T19:49:51Z logger.go:66:                       + runAsNonRoot        = (known after apply)
TestTerraformCompleteExample 2022-07-31T19:49:51Z logger.go:66:                       + runAsUser           = (known after apply)
TestTerraformCompleteExample 2022-07-31T19:49:51Z logger.go:66:                       + seLinuxOptions      = {
TestTerraformCompleteExample 2022-07-31T19:49:51Z logger.go:66:                           + level = (known after apply)
TestTerraformCompleteExample 2022-07-31T19:49:51Z logger.go:66:                           + role  = (known after apply)
TestTerraformCompleteExample 2022-07-31T19:49:51Z logger.go:66:                           + type  = (known after apply)
TestTerraformCompleteExample 2022-07-31T19:49:51Z logger.go:66:                           + user  = (known after apply)
TestTerraformCompleteExample 2022-07-31T19:49:51Z logger.go:66:                         }
TestTerraformCompleteExample 2022-07-31T19:49:51Z logger.go:66:                       + seccompProfile      = {
TestTerraformCompleteExample 2022-07-31T19:49:51Z logger.go:66:                           + localhostProfile = (known after apply)
TestTerraformCompleteExample 2022-07-31T19:49:51Z logger.go:66:                           + type             = (known after apply)
TestTerraformCompleteExample 2022-07-31T19:49:51Z logger.go:66:                         }
TestTerraformCompleteExample 2022-07-31T19:49:51Z logger.go:66:                       + supplementalGroups  = (known after apply)
TestTerraformCompleteExample 2022-07-31T19:49:51Z logger.go:66:                       + sysctls             = (known after apply)
TestTerraformCompleteExample 2022-07-31T19:49:51Z logger.go:66:                       + windowsOptions      = {
TestTerraformCompleteExample 2022-07-31T19:49:51Z logger.go:66:                           + gmsaCredentialSpec     = (known after apply)
TestTerraformCompleteExample 2022-07-31T19:49:51Z logger.go:66:                           + gmsaCredentialSpecName = (known after apply)
TestTerraformCompleteExample 2022-07-31T19:49:51Z logger.go:66:                           + hostProcess            = (known after apply)
TestTerraformCompleteExample 2022-07-31T19:49:51Z logger.go:66:                           + runAsUserName          = (known after apply)
TestTerraformCompleteExample 2022-07-31T19:49:51Z logger.go:66:                         }
TestTerraformCompleteExample 2022-07-31T19:49:51Z logger.go:66:                     }
TestTerraformCompleteExample 2022-07-31T19:49:51Z logger.go:66:                   + priorityClassName             = (known after apply)
TestTerraformCompleteExample 2022-07-31T19:49:51Z logger.go:66:                   + probe                         = {
TestTerraformCompleteExample 2022-07-31T19:49:51Z logger.go:66:                       + liveness  = {
TestTerraformCompleteExample 2022-07-31T19:49:51Z logger.go:66:                           + failureThreshold    = (known after apply)
TestTerraformCompleteExample 2022-07-31T19:49:51Z logger.go:66:                           + initialDelaySeconds = (known after apply)
TestTerraformCompleteExample 2022-07-31T19:49:51Z logger.go:66:                           + periodSeconds       = (known after apply)
TestTerraformCompleteExample 2022-07-31T19:49:51Z logger.go:66:                           + successThreshold    = (known after apply)
TestTerraformCompleteExample 2022-07-31T19:49:51Z logger.go:66:                           + timeoutSeconds      = (known after apply)
TestTerraformCompleteExample 2022-07-31T19:49:51Z logger.go:66:                         }
TestTerraformCompleteExample 2022-07-31T19:49:51Z logger.go:66:                       + readiness = {
TestTerraformCompleteExample 2022-07-31T19:49:51Z logger.go:66:                           + failureThreshold    = (known after apply)
TestTerraformCompleteExample 2022-07-31T19:49:51Z logger.go:66:                           + initialDelaySeconds = (known after apply)
TestTerraformCompleteExample 2022-07-31T19:49:51Z logger.go:66:                           + periodSeconds       = (known after apply)
TestTerraformCompleteExample 2022-07-31T19:49:51Z logger.go:66:                           + successThreshold    = (known after apply)
TestTerraformCompleteExample 2022-07-31T19:49:51Z logger.go:66:                           + timeoutSeconds      = (known after apply)
TestTerraformCompleteExample 2022-07-31T19:49:51Z logger.go:66:                         }
TestTerraformCompleteExample 2022-07-31T19:49:51Z logger.go:66:                     }
TestTerraformCompleteExample 2022-07-31T19:49:51Z logger.go:66:                   + resources                     = {
TestTerraformCompleteExample 2022-07-31T19:49:51Z logger.go:66:                       + limits   = (known after apply)
TestTerraformCompleteExample 2022-07-31T19:49:51Z logger.go:66:                       + requests = (known after apply)
TestTerraformCompleteExample 2022-07-31T19:49:51Z logger.go:66:                     }
TestTerraformCompleteExample 2022-07-31T19:49:51Z logger.go:66:                   + securityContext               = {
TestTerraformCompleteExample 2022-07-31T19:49:51Z logger.go:66:                       + allowPrivilegeEscalation = (known after apply)
TestTerraformCompleteExample 2022-07-31T19:49:51Z logger.go:66:                       + capabilities             = {
TestTerraformCompleteExample 2022-07-31T19:49:51Z logger.go:66:                           + add  = (known after apply)
TestTerraformCompleteExample 2022-07-31T19:49:51Z logger.go:66:                           + drop = (known after apply)
TestTerraformCompleteExample 2022-07-31T19:49:51Z logger.go:66:                         }
TestTerraformCompleteExample 2022-07-31T19:49:51Z logger.go:66:                       + privileged               = (known after apply)
TestTerraformCompleteExample 2022-07-31T19:49:51Z logger.go:66:                       + procMount                = (known after apply)
TestTerraformCompleteExample 2022-07-31T19:49:51Z logger.go:66:                       + readOnlyRootFilesystem   = (known after apply)
TestTerraformCompleteExample 2022-07-31T19:49:51Z logger.go:66:                       + runAsGroup               = (known after apply)
TestTerraformCompleteExample 2022-07-31T19:49:51Z logger.go:66:                       + runAsNonRoot             = (known after apply)
TestTerraformCompleteExample 2022-07-31T19:49:51Z logger.go:66:                       + runAsUser                = (known after apply)
TestTerraformCompleteExample 2022-07-31T19:49:51Z logger.go:66:                       + seLinuxOptions           = {
TestTerraformCompleteExample 2022-07-31T19:49:51Z logger.go:66:                           + level = (known after apply)
TestTerraformCompleteExample 2022-07-31T19:49:51Z logger.go:66:                           + role  = (known after apply)
TestTerraformCompleteExample 2022-07-31T19:49:51Z logger.go:66:                           + type  = (known after apply)
TestTerraformCompleteExample 2022-07-31T19:49:51Z logger.go:66:                           + user  = (known after apply)
TestTerraformCompleteExample 2022-07-31T19:49:51Z logger.go:66:                         }
TestTerraformCompleteExample 2022-07-31T19:49:51Z logger.go:66:                       + seccompProfile           = {
TestTerraformCompleteExample 2022-07-31T19:49:51Z logger.go:66:                           + localhostProfile = (known after apply)
TestTerraformCompleteExample 2022-07-31T19:49:51Z logger.go:66:                           + type             = (known after apply)
TestTerraformCompleteExample 2022-07-31T19:49:51Z logger.go:66:                         }
TestTerraformCompleteExample 2022-07-31T19:49:51Z logger.go:66:                       + windowsOptions           = {
TestTerraformCompleteExample 2022-07-31T19:49:51Z logger.go:66:                           + gmsaCredentialSpec     = (known after apply)
TestTerraformCompleteExample 2022-07-31T19:49:51Z logger.go:66:                           + gmsaCredentialSpecName = (known after apply)
TestTerraformCompleteExample 2022-07-31T19:49:51Z logger.go:66:                           + hostProcess            = (known after apply)
TestTerraformCompleteExample 2022-07-31T19:49:51Z logger.go:66:                           + runAsUserName          = (known after apply)
TestTerraformCompleteExample 2022-07-31T19:49:51Z logger.go:66:                         }
TestTerraformCompleteExample 2022-07-31T19:49:51Z logger.go:66:                     }
TestTerraformCompleteExample 2022-07-31T19:49:51Z logger.go:66:                   + serviceAccountName            = (known after apply)
TestTerraformCompleteExample 2022-07-31T19:49:51Z logger.go:66:                   + terminationGracePeriodSeconds = (known after apply)
TestTerraformCompleteExample 2022-07-31T19:49:51Z logger.go:66:                   + tolerations                   = (known after apply)
TestTerraformCompleteExample 2022-07-31T19:49:51Z logger.go:66:                   + topologySpreadConstraints     = (known after apply)
TestTerraformCompleteExample 2022-07-31T19:49:51Z logger.go:66:                 }
TestTerraformCompleteExample 2022-07-31T19:49:51Z logger.go:66:               + rackAssignment     = {
TestTerraformCompleteExample 2022-07-31T19:49:51Z logger.go:66:                   + availabilityZoneCount = (known after apply)
TestTerraformCompleteExample 2022-07-31T19:49:51Z logger.go:66:                   + nodeLabels            = (known after apply)
TestTerraformCompleteExample 2022-07-31T19:49:51Z logger.go:66:                 }
TestTerraformCompleteExample 2022-07-31T19:49:51Z logger.go:66:               + replicas           = 3
TestTerraformCompleteExample 2022-07-31T19:49:51Z logger.go:66:               + services           = {
TestTerraformCompleteExample 2022-07-31T19:49:51Z logger.go:66:                   + kafkaRest = {
TestTerraformCompleteExample 2022-07-31T19:49:51Z logger.go:66:                       + authentication = {
TestTerraformCompleteExample 2022-07-31T19:49:51Z logger.go:66:                           + basic = {
TestTerraformCompleteExample 2022-07-31T19:49:51Z logger.go:66:                               + debug                    = (known after apply)
TestTerraformCompleteExample 2022-07-31T19:49:51Z logger.go:66:                               + directoryPathInContainer = (known after apply)
TestTerraformCompleteExample 2022-07-31T19:49:51Z logger.go:66:                               + restrictedRoles          = (known after apply)
TestTerraformCompleteExample 2022-07-31T19:49:51Z logger.go:66:                               + roles                    = (known after apply)
TestTerraformCompleteExample 2022-07-31T19:49:51Z logger.go:66:                               + secretRef                = (known after apply)
TestTerraformCompleteExample 2022-07-31T19:49:51Z logger.go:66:                             }
TestTerraformCompleteExample 2022-07-31T19:49:51Z logger.go:66:                           + type  = (known after apply)
TestTerraformCompleteExample 2022-07-31T19:49:51Z logger.go:66:                         }
TestTerraformCompleteExample 2022-07-31T19:49:51Z logger.go:66:                       + externalAccess = {
TestTerraformCompleteExample 2022-07-31T19:49:51Z logger.go:66:                           + loadBalancer = {
TestTerraformCompleteExample 2022-07-31T19:49:51Z logger.go:66:                               + advertisedURL            = {
TestTerraformCompleteExample 2022-07-31T19:49:51Z logger.go:66:                                   + enabled = (known after apply)
TestTerraformCompleteExample 2022-07-31T19:49:51Z logger.go:66:                                   + prefix  = (known after apply)
TestTerraformCompleteExample 2022-07-31T19:49:51Z logger.go:66:                                 }
TestTerraformCompleteExample 2022-07-31T19:49:51Z logger.go:66:                               + annotations              = (known after apply)
TestTerraformCompleteExample 2022-07-31T19:49:51Z logger.go:66:                               + domain                   = (known after apply)
TestTerraformCompleteExample 2022-07-31T19:49:51Z logger.go:66:                               + externalTrafficPolicy    = (known after apply)
TestTerraformCompleteExample 2022-07-31T19:49:51Z logger.go:66:                               + labels                   = (known after apply)
TestTerraformCompleteExample 2022-07-31T19:49:51Z logger.go:66:                               + loadBalancerSourceRanges = (known after apply)
TestTerraformCompleteExample 2022-07-31T19:49:51Z logger.go:66:                               + port                     = (known after apply)
TestTerraformCompleteExample 2022-07-31T19:49:51Z logger.go:66:                               + prefix                   = (known after apply)
TestTerraformCompleteExample 2022-07-31T19:49:51Z logger.go:66:                               + servicePorts             = (known after apply)
TestTerraformCompleteExample 2022-07-31T19:49:51Z logger.go:66:                               + sessionAffinity          = (known after apply)
TestTerraformCompleteExample 2022-07-31T19:49:51Z logger.go:66:                               + sessionAffinityConfig    = {
TestTerraformCompleteExample 2022-07-31T19:49:51Z logger.go:66:                                   + clientIP = {
TestTerraformCompleteExample 2022-07-31T19:49:51Z logger.go:66:                                       + timeoutSeconds = (known after apply)
TestTerraformCompleteExample 2022-07-31T19:49:51Z logger.go:66:                                     }
TestTerraformCompleteExample 2022-07-31T19:49:51Z logger.go:66:                                 }
TestTerraformCompleteExample 2022-07-31T19:49:51Z logger.go:66:                             }
TestTerraformCompleteExample 2022-07-31T19:49:51Z logger.go:66:                           + nodePort     = {
TestTerraformCompleteExample 2022-07-31T19:49:51Z logger.go:66:                               + advertisedURL         = {
TestTerraformCompleteExample 2022-07-31T19:49:51Z logger.go:66:                                   + enabled = (known after apply)
TestTerraformCompleteExample 2022-07-31T19:49:51Z logger.go:66:                                   + prefix  = (known after apply)
TestTerraformCompleteExample 2022-07-31T19:49:51Z logger.go:66:                                 }
TestTerraformCompleteExample 2022-07-31T19:49:51Z logger.go:66:                               + annotations           = (known after apply)
TestTerraformCompleteExample 2022-07-31T19:49:51Z logger.go:66:                               + externalTrafficPolicy = (known after apply)
TestTerraformCompleteExample 2022-07-31T19:49:51Z logger.go:66:                               + host                  = (known after apply)
TestTerraformCompleteExample 2022-07-31T19:49:51Z logger.go:66:                               + labels                = (known after apply)
TestTerraformCompleteExample 2022-07-31T19:49:51Z logger.go:66:                               + nodePortOffset        = (known after apply)
TestTerraformCompleteExample 2022-07-31T19:49:51Z logger.go:66:                               + servicePorts          = (known after apply)
TestTerraformCompleteExample 2022-07-31T19:49:51Z logger.go:66:                               + sessionAffinity       = (known after apply)
TestTerraformCompleteExample 2022-07-31T19:49:51Z logger.go:66:                               + sessionAffinityConfig = {
TestTerraformCompleteExample 2022-07-31T19:49:51Z logger.go:66:                                   + clientIP = {
TestTerraformCompleteExample 2022-07-31T19:49:51Z logger.go:66:                                       + timeoutSeconds = (known after apply)
TestTerraformCompleteExample 2022-07-31T19:49:51Z logger.go:66:                                     }
TestTerraformCompleteExample 2022-07-31T19:49:51Z logger.go:66:                                 }
TestTerraformCompleteExample 2022-07-31T19:49:51Z logger.go:66:                             }
TestTerraformCompleteExample 2022-07-31T19:49:51Z logger.go:66:                           + route        = {
TestTerraformCompleteExample 2022-07-31T19:49:51Z logger.go:66:                               + annotations    = (known after apply)
TestTerraformCompleteExample 2022-07-31T19:49:51Z logger.go:66:                               + domain         = (known after apply)
TestTerraformCompleteExample 2022-07-31T19:49:51Z logger.go:66:                               + labels         = (known after apply)
TestTerraformCompleteExample 2022-07-31T19:49:51Z logger.go:66:                               + prefix         = (known after apply)
TestTerraformCompleteExample 2022-07-31T19:49:51Z logger.go:66:                               + wildcardPolicy = (known after apply)
TestTerraformCompleteExample 2022-07-31T19:49:51Z logger.go:66:                             }
TestTerraformCompleteExample 2022-07-31T19:49:51Z logger.go:66:                           + type         = (known after apply)
TestTerraformCompleteExample 2022-07-31T19:49:51Z logger.go:66:                         }
TestTerraformCompleteExample 2022-07-31T19:49:51Z logger.go:66:                       + tls            = {
TestTerraformCompleteExample 2022-07-31T19:49:51Z logger.go:66:                           + directoryPathInContainer = (known after apply)
TestTerraformCompleteExample 2022-07-31T19:49:51Z logger.go:66:                           + enabled                  = (known after apply)
TestTerraformCompleteExample 2022-07-31T19:49:51Z logger.go:66:                           + ignoreTrustStoreConfig   = (known after apply)
TestTerraformCompleteExample 2022-07-31T19:49:51Z logger.go:66:                           + jksPassword              = {
TestTerraformCompleteExample 2022-07-31T19:49:51Z logger.go:66:                               + secretRef = (known after apply)
TestTerraformCompleteExample 2022-07-31T19:49:51Z logger.go:66:                             }
TestTerraformCompleteExample 2022-07-31T19:49:51Z logger.go:66:                           + secretRef                = (known after apply)
TestTerraformCompleteExample 2022-07-31T19:49:51Z logger.go:66:                         }
TestTerraformCompleteExample 2022-07-31T19:49:51Z logger.go:66:                     }
TestTerraformCompleteExample 2022-07-31T19:49:51Z logger.go:66:                   + mds       = {
TestTerraformCompleteExample 2022-07-31T19:49:51Z logger.go:66:                       + authentication = {
TestTerraformCompleteExample 2022-07-31T19:49:51Z logger.go:66:                           + type = (known after apply)
TestTerraformCompleteExample 2022-07-31T19:49:51Z logger.go:66:                         }
TestTerraformCompleteExample 2022-07-31T19:49:51Z logger.go:66:                       + externalAccess = {
TestTerraformCompleteExample 2022-07-31T19:49:51Z logger.go:66:                           + loadBalancer = {
TestTerraformCompleteExample 2022-07-31T19:49:51Z logger.go:66:                               + advertisedURL            = {
TestTerraformCompleteExample 2022-07-31T19:49:51Z logger.go:66:                                   + enabled = (known after apply)
TestTerraformCompleteExample 2022-07-31T19:49:51Z logger.go:66:                                   + prefix  = (known after apply)
TestTerraformCompleteExample 2022-07-31T19:49:51Z logger.go:66:                                 }
TestTerraformCompleteExample 2022-07-31T19:49:51Z logger.go:66:                               + annotations              = (known after apply)
TestTerraformCompleteExample 2022-07-31T19:49:51Z logger.go:66:                               + domain                   = (known after apply)
TestTerraformCompleteExample 2022-07-31T19:49:51Z logger.go:66:                               + externalTrafficPolicy    = (known after apply)
TestTerraformCompleteExample 2022-07-31T19:49:51Z logger.go:66:                               + labels                   = (known after apply)
TestTerraformCompleteExample 2022-07-31T19:49:51Z logger.go:66:                               + loadBalancerSourceRanges = (known after apply)
TestTerraformCompleteExample 2022-07-31T19:49:51Z logger.go:66:                               + port                     = (known after apply)
TestTerraformCompleteExample 2022-07-31T19:49:51Z logger.go:66:                               + prefix                   = (known after apply)
TestTerraformCompleteExample 2022-07-31T19:49:51Z logger.go:66:                               + servicePorts             = (known after apply)
TestTerraformCompleteExample 2022-07-31T19:49:51Z logger.go:66:                               + sessionAffinity          = (known after apply)
TestTerraformCompleteExample 2022-07-31T19:49:51Z logger.go:66:                               + sessionAffinityConfig    = {
TestTerraformCompleteExample 2022-07-31T19:49:51Z logger.go:66:                                   + clientIP = {
TestTerraformCompleteExample 2022-07-31T19:49:51Z logger.go:66:                                       + timeoutSeconds = (known after apply)
TestTerraformCompleteExample 2022-07-31T19:49:51Z logger.go:66:                                     }
TestTerraformCompleteExample 2022-07-31T19:49:51Z logger.go:66:                                 }
TestTerraformCompleteExample 2022-07-31T19:49:51Z logger.go:66:                             }
TestTerraformCompleteExample 2022-07-31T19:49:51Z logger.go:66:                           + nodePort     = {
TestTerraformCompleteExample 2022-07-31T19:49:51Z logger.go:66:                               + advertisedURL         = {
TestTerraformCompleteExample 2022-07-31T19:49:51Z logger.go:66:                                   + enabled = (known after apply)
TestTerraformCompleteExample 2022-07-31T19:49:51Z logger.go:66:                                   + prefix  = (known after apply)
TestTerraformCompleteExample 2022-07-31T19:49:51Z logger.go:66:                                 }
TestTerraformCompleteExample 2022-07-31T19:49:51Z logger.go:66:                               + annotations           = (known after apply)
TestTerraformCompleteExample 2022-07-31T19:49:51Z logger.go:66:                               + externalTrafficPolicy = (known after apply)
TestTerraformCompleteExample 2022-07-31T19:49:51Z logger.go:66:                               + host                  = (known after apply)
TestTerraformCompleteExample 2022-07-31T19:49:51Z logger.go:66:                               + labels                = (known after apply)
TestTerraformCompleteExample 2022-07-31T19:49:51Z logger.go:66:                               + nodePortOffset        = (known after apply)
TestTerraformCompleteExample 2022-07-31T19:49:51Z logger.go:66:                               + servicePorts          = (known after apply)
TestTerraformCompleteExample 2022-07-31T19:49:51Z logger.go:66:                               + sessionAffinity       = (known after apply)
TestTerraformCompleteExample 2022-07-31T19:49:51Z logger.go:66:                               + sessionAffinityConfig = {
TestTerraformCompleteExample 2022-07-31T19:49:51Z logger.go:66:                                   + clientIP = {
TestTerraformCompleteExample 2022-07-31T19:49:51Z logger.go:66:                                       + timeoutSeconds = (known after apply)
TestTerraformCompleteExample 2022-07-31T19:49:51Z logger.go:66:                                     }
TestTerraformCompleteExample 2022-07-31T19:49:51Z logger.go:66:                                 }
TestTerraformCompleteExample 2022-07-31T19:49:51Z logger.go:66:                             }
TestTerraformCompleteExample 2022-07-31T19:49:51Z logger.go:66:                           + route        = {
TestTerraformCompleteExample 2022-07-31T19:49:51Z logger.go:66:                               + annotations    = (known after apply)
TestTerraformCompleteExample 2022-07-31T19:49:51Z logger.go:66:                               + domain         = (known after apply)
TestTerraformCompleteExample 2022-07-31T19:49:51Z logger.go:66:                               + labels         = (known after apply)
TestTerraformCompleteExample 2022-07-31T19:49:51Z logger.go:66:                               + prefix         = (known after apply)
TestTerraformCompleteExample 2022-07-31T19:49:51Z logger.go:66:                               + wildcardPolicy = (known after apply)
TestTerraformCompleteExample 2022-07-31T19:49:51Z logger.go:66:                             }
TestTerraformCompleteExample 2022-07-31T19:49:51Z logger.go:66:                           + type         = (known after apply)
TestTerraformCompleteExample 2022-07-31T19:49:51Z logger.go:66:                         }
TestTerraformCompleteExample 2022-07-31T19:49:51Z logger.go:66:                       + provider       = {
TestTerraformCompleteExample 2022-07-31T19:49:51Z logger.go:66:                           + ldap = {
TestTerraformCompleteExample 2022-07-31T19:49:51Z logger.go:66:                               + address        = (known after apply)
TestTerraformCompleteExample 2022-07-31T19:49:51Z logger.go:66:                               + authentication = {
TestTerraformCompleteExample 2022-07-31T19:49:51Z logger.go:66:                                   + simple = {
TestTerraformCompleteExample 2022-07-31T19:49:51Z logger.go:66:                                       + directoryPathInContainer = (known after apply)
TestTerraformCompleteExample 2022-07-31T19:49:51Z logger.go:66:                                       + secretRef                = (known after apply)
TestTerraformCompleteExample 2022-07-31T19:49:51Z logger.go:66:                                     }
TestTerraformCompleteExample 2022-07-31T19:49:51Z logger.go:66:                                   + type   = (known after apply)
TestTerraformCompleteExample 2022-07-31T19:49:51Z logger.go:66:                                 }
TestTerraformCompleteExample 2022-07-31T19:49:51Z logger.go:66:                               + configurations = {
TestTerraformCompleteExample 2022-07-31T19:49:51Z logger.go:66:                                   + groupMemberAttribute         = (known after apply)
TestTerraformCompleteExample 2022-07-31T19:49:51Z logger.go:66:                                   + groupMemberAttributePattern  = (known after apply)
TestTerraformCompleteExample 2022-07-31T19:49:51Z logger.go:66:                                   + groupNameAttribute           = (known after apply)
TestTerraformCompleteExample 2022-07-31T19:49:51Z logger.go:66:                                   + groupObjectClass             = (known after apply)
TestTerraformCompleteExample 2022-07-31T19:49:51Z logger.go:66:                                   + groupSearchBase              = (known after apply)
TestTerraformCompleteExample 2022-07-31T19:49:51Z logger.go:66:                                   + groupSearchFilter            = (known after apply)
TestTerraformCompleteExample 2022-07-31T19:49:51Z logger.go:66:                                   + groupSearchScope             = (known after apply)
TestTerraformCompleteExample 2022-07-31T19:49:51Z logger.go:66:                                   + userMemberOfAttributePattern = (known after apply)
TestTerraformCompleteExample 2022-07-31T19:49:51Z logger.go:66:                                   + userNameAttribute            = (known after apply)
TestTerraformCompleteExample 2022-07-31T19:49:51Z logger.go:66:                                   + userObjectClass              = (known after apply)
TestTerraformCompleteExample 2022-07-31T19:49:51Z logger.go:66:                                   + userSearchBase               = (known after apply)
TestTerraformCompleteExample 2022-07-31T19:49:51Z logger.go:66:                                   + userSearchFilter             = (known after apply)
TestTerraformCompleteExample 2022-07-31T19:49:51Z logger.go:66:                                   + userSearchScope              = (known after apply)
TestTerraformCompleteExample 2022-07-31T19:49:51Z logger.go:66:                                 }
TestTerraformCompleteExample 2022-07-31T19:49:51Z logger.go:66:                               + tls            = {
TestTerraformCompleteExample 2022-07-31T19:49:51Z logger.go:66:                                   + directoryPathInContainer = (known after apply)
TestTerraformCompleteExample 2022-07-31T19:49:51Z logger.go:66:                                   + enabled                  = (known after apply)
TestTerraformCompleteExample 2022-07-31T19:49:51Z logger.go:66:                                   + ignoreTrustStoreConfig   = (known after apply)
TestTerraformCompleteExample 2022-07-31T19:49:51Z logger.go:66:                                   + jksPassword              = {
TestTerraformCompleteExample 2022-07-31T19:49:51Z logger.go:66:                                       + secretRef = (known after apply)
TestTerraformCompleteExample 2022-07-31T19:49:51Z logger.go:66:                                     }
TestTerraformCompleteExample 2022-07-31T19:49:51Z logger.go:66:                                   + secretRef                = (known after apply)
TestTerraformCompleteExample 2022-07-31T19:49:51Z logger.go:66:                                 }
TestTerraformCompleteExample 2022-07-31T19:49:51Z logger.go:66:                             }
TestTerraformCompleteExample 2022-07-31T19:49:51Z logger.go:66:                           + type = (known after apply)
TestTerraformCompleteExample 2022-07-31T19:49:51Z logger.go:66:                         }
TestTerraformCompleteExample 2022-07-31T19:49:51Z logger.go:66:                       + tls            = {
TestTerraformCompleteExample 2022-07-31T19:49:51Z logger.go:66:                           + directoryPathInContainer = (known after apply)
TestTerraformCompleteExample 2022-07-31T19:49:51Z logger.go:66:                           + enabled                  = (known after apply)
TestTerraformCompleteExample 2022-07-31T19:49:51Z logger.go:66:                           + ignoreTrustStoreConfig   = (known after apply)
TestTerraformCompleteExample 2022-07-31T19:49:51Z logger.go:66:                           + jksPassword              = {
TestTerraformCompleteExample 2022-07-31T19:49:51Z logger.go:66:                               + secretRef = (known after apply)
TestTerraformCompleteExample 2022-07-31T19:49:51Z logger.go:66:                             }
TestTerraformCompleteExample 2022-07-31T19:49:51Z logger.go:66:                           + secretRef                = (known after apply)
TestTerraformCompleteExample 2022-07-31T19:49:51Z logger.go:66:                         }
TestTerraformCompleteExample 2022-07-31T19:49:51Z logger.go:66:                       + tokenKeyPair   = {
TestTerraformCompleteExample 2022-07-31T19:49:51Z logger.go:66:                           + directoryPathInContainer = (known after apply)
TestTerraformCompleteExample 2022-07-31T19:49:51Z logger.go:66:                           + secretRef                = (known after apply)
TestTerraformCompleteExample 2022-07-31T19:49:51Z logger.go:66:                         }
TestTerraformCompleteExample 2022-07-31T19:49:51Z logger.go:66:                     }
TestTerraformCompleteExample 2022-07-31T19:49:51Z logger.go:66:                 }
TestTerraformCompleteExample 2022-07-31T19:49:51Z logger.go:66:               + storageClass       = {
TestTerraformCompleteExample 2022-07-31T19:49:51Z logger.go:66:                   + name = (known after apply)
TestTerraformCompleteExample 2022-07-31T19:49:51Z logger.go:66:                 }
TestTerraformCompleteExample 2022-07-31T19:49:51Z logger.go:66:               + telemetry          = {
TestTerraformCompleteExample 2022-07-31T19:49:51Z logger.go:66:                   + global = (known after apply)
TestTerraformCompleteExample 2022-07-31T19:49:51Z logger.go:66:                 }
TestTerraformCompleteExample 2022-07-31T19:49:51Z logger.go:66:               + tls                = {
TestTerraformCompleteExample 2022-07-31T19:49:51Z logger.go:66:                   + autoGeneratedCerts       = (known after apply)
TestTerraformCompleteExample 2022-07-31T19:49:51Z logger.go:66:                   + directoryPathInContainer = (known after apply)
TestTerraformCompleteExample 2022-07-31T19:49:51Z logger.go:66:                   + ignoreTrustStoreConfig   = (known after apply)
TestTerraformCompleteExample 2022-07-31T19:49:51Z logger.go:66:                   + jksPassword              = {
TestTerraformCompleteExample 2022-07-31T19:49:51Z logger.go:66:                       + secretRef = (known after apply)
TestTerraformCompleteExample 2022-07-31T19:49:51Z logger.go:66:                     }
TestTerraformCompleteExample 2022-07-31T19:49:51Z logger.go:66:                   + secretRef                = (known after apply)
TestTerraformCompleteExample 2022-07-31T19:49:51Z logger.go:66:                 }
TestTerraformCompleteExample 2022-07-31T19:49:51Z logger.go:66:             }
TestTerraformCompleteExample 2022-07-31T19:49:51Z logger.go:66:         }
TestTerraformCompleteExample 2022-07-31T19:49:51Z logger.go:66:
TestTerraformCompleteExample 2022-07-31T19:49:51Z logger.go:66:       + timeouts {
TestTerraformCompleteExample 2022-07-31T19:49:51Z logger.go:66:           + create = "1h"
TestTerraformCompleteExample 2022-07-31T19:49:51Z logger.go:66:           + delete = "10m"
TestTerraformCompleteExample 2022-07-31T19:49:51Z logger.go:66:           + update = "1h"
TestTerraformCompleteExample 2022-07-31T19:49:51Z logger.go:66:         }
TestTerraformCompleteExample 2022-07-31T19:49:51Z logger.go:66:
TestTerraformCompleteExample 2022-07-31T19:49:51Z logger.go:66:       + wait {
TestTerraformCompleteExample 2022-07-31T19:49:51Z logger.go:66:           + fields = {
TestTerraformCompleteExample 2022-07-31T19:49:51Z logger.go:66:               + "status.phase" = "RUNNING"
TestTerraformCompleteExample 2022-07-31T19:49:51Z logger.go:66:             }
TestTerraformCompleteExample 2022-07-31T19:49:51Z logger.go:66:         }
TestTerraformCompleteExample 2022-07-31T19:49:51Z logger.go:66:     }
TestTerraformCompleteExample 2022-07-31T19:49:51Z logger.go:66:
TestTerraformCompleteExample 2022-07-31T19:49:51Z logger.go:66:   # module.confluent_platform.kubernetes_manifest.components["zookeeper"] will be created
TestTerraformCompleteExample 2022-07-31T19:49:51Z logger.go:66:   + resource "kubernetes_manifest" "components" {
TestTerraformCompleteExample 2022-07-31T19:49:51Z logger.go:66:       + computed_fields = [
TestTerraformCompleteExample 2022-07-31T19:49:51Z logger.go:66:           + "metadata.finalizers",
TestTerraformCompleteExample 2022-07-31T19:49:51Z logger.go:66:         ]
TestTerraformCompleteExample 2022-07-31T19:49:51Z logger.go:66:       + manifest        = {
TestTerraformCompleteExample 2022-07-31T19:49:51Z logger.go:66:           + apiVersion = "platform.confluent.io/v1beta1"
TestTerraformCompleteExample 2022-07-31T19:49:51Z logger.go:66:           + kind       = "Zookeeper"
TestTerraformCompleteExample 2022-07-31T19:49:51Z logger.go:66:           + metadata   = {
TestTerraformCompleteExample 2022-07-31T19:49:51Z logger.go:66:               + name      = "zookeeper"
TestTerraformCompleteExample 2022-07-31T19:49:51Z logger.go:66:               + namespace = "confluent"
TestTerraformCompleteExample 2022-07-31T19:49:51Z logger.go:66:             }
TestTerraformCompleteExample 2022-07-31T19:49:51Z logger.go:66:           + spec       = {
TestTerraformCompleteExample 2022-07-31T19:49:51Z logger.go:66:               + dataVolumeCapacity = "10Gi"
TestTerraformCompleteExample 2022-07-31T19:49:51Z logger.go:66:               + image              = {
TestTerraformCompleteExample 2022-07-31T19:49:51Z logger.go:66:                   + application = "confluentinc/cp-zookeeper:7.2.0"
TestTerraformCompleteExample 2022-07-31T19:49:51Z logger.go:66:                   + init        = "confluentinc/confluent-init-container:2.4.0"
TestTerraformCompleteExample 2022-07-31T19:49:51Z logger.go:66:                 }
TestTerraformCompleteExample 2022-07-31T19:49:51Z logger.go:66:               + logVolumeCapacity  = "10Gi"
TestTerraformCompleteExample 2022-07-31T19:49:51Z logger.go:66:               + replicas           = "3"
TestTerraformCompleteExample 2022-07-31T19:49:51Z logger.go:66:             }
TestTerraformCompleteExample 2022-07-31T19:49:51Z logger.go:66:         }
TestTerraformCompleteExample 2022-07-31T19:49:51Z logger.go:66:       + object          = {
TestTerraformCompleteExample 2022-07-31T19:49:51Z logger.go:66:           + apiVersion = "platform.confluent.io/v1beta1"
TestTerraformCompleteExample 2022-07-31T19:49:51Z logger.go:66:           + kind       = "Zookeeper"
TestTerraformCompleteExample 2022-07-31T19:49:51Z logger.go:66:           + metadata   = {
TestTerraformCompleteExample 2022-07-31T19:49:51Z logger.go:66:               + annotations                = (known after apply)
TestTerraformCompleteExample 2022-07-31T19:49:51Z logger.go:66:               + clusterName                = (known after apply)
TestTerraformCompleteExample 2022-07-31T19:49:51Z logger.go:66:               + creationTimestamp          = (known after apply)
TestTerraformCompleteExample 2022-07-31T19:49:51Z logger.go:66:               + deletionGracePeriodSeconds = (known after apply)
TestTerraformCompleteExample 2022-07-31T19:49:51Z logger.go:66:               + deletionTimestamp          = (known after apply)
TestTerraformCompleteExample 2022-07-31T19:49:51Z logger.go:66:               + finalizers                 = (known after apply)
TestTerraformCompleteExample 2022-07-31T19:49:51Z logger.go:66:               + generateName               = (known after apply)
TestTerraformCompleteExample 2022-07-31T19:49:51Z logger.go:66:               + generation                 = (known after apply)
TestTerraformCompleteExample 2022-07-31T19:49:51Z logger.go:66:               + labels                     = (known after apply)
TestTerraformCompleteExample 2022-07-31T19:49:51Z logger.go:66:               + managedFields              = (known after apply)
TestTerraformCompleteExample 2022-07-31T19:49:51Z logger.go:66:               + name                       = "zookeeper"
TestTerraformCompleteExample 2022-07-31T19:49:51Z logger.go:66:               + namespace                  = "confluent"
TestTerraformCompleteExample 2022-07-31T19:49:51Z logger.go:66:               + ownerReferences            = (known after apply)
TestTerraformCompleteExample 2022-07-31T19:49:51Z logger.go:66:               + resourceVersion            = (known after apply)
TestTerraformCompleteExample 2022-07-31T19:49:51Z logger.go:66:               + selfLink                   = (known after apply)
TestTerraformCompleteExample 2022-07-31T19:49:51Z logger.go:66:               + uid                        = (known after apply)
TestTerraformCompleteExample 2022-07-31T19:49:51Z logger.go:66:             }
TestTerraformCompleteExample 2022-07-31T19:49:51Z logger.go:66:           + spec       = {
TestTerraformCompleteExample 2022-07-31T19:49:51Z logger.go:66:               + authentication     = {
TestTerraformCompleteExample 2022-07-31T19:49:51Z logger.go:66:                   + jaasConfig            = {
TestTerraformCompleteExample 2022-07-31T19:49:51Z logger.go:66:                       + secretRef = (known after apply)
TestTerraformCompleteExample 2022-07-31T19:49:51Z logger.go:66:                     }
TestTerraformCompleteExample 2022-07-31T19:49:51Z logger.go:66:                   + jaasConfigPassThrough = {
TestTerraformCompleteExample 2022-07-31T19:49:51Z logger.go:66:                       + directoryPathInContainer = (known after apply)
TestTerraformCompleteExample 2022-07-31T19:49:51Z logger.go:66:                       + secretRef                = (known after apply)
TestTerraformCompleteExample 2022-07-31T19:49:51Z logger.go:66:                     }
TestTerraformCompleteExample 2022-07-31T19:49:51Z logger.go:66:                   + principalMappingRules = (known after apply)
TestTerraformCompleteExample 2022-07-31T19:49:51Z logger.go:66:                   + type                  = (known after apply)
TestTerraformCompleteExample 2022-07-31T19:49:51Z logger.go:66:                 }
TestTerraformCompleteExample 2022-07-31T19:49:51Z logger.go:66:               + configOverrides    = {
TestTerraformCompleteExample 2022-07-31T19:49:51Z logger.go:66:                   + jvm    = (known after apply)
TestTerraformCompleteExample 2022-07-31T19:49:51Z logger.go:66:                   + log4j  = (known after apply)
TestTerraformCompleteExample 2022-07-31T19:49:51Z logger.go:66:                   + peers  = (known after apply)
TestTerraformCompleteExample 2022-07-31T19:49:51Z logger.go:66:                   + server = (known after apply)
TestTerraformCompleteExample 2022-07-31T19:49:51Z logger.go:66:                 }
TestTerraformCompleteExample 2022-07-31T19:49:51Z logger.go:66:               + dataVolumeCapacity = "10Gi"
TestTerraformCompleteExample 2022-07-31T19:49:51Z logger.go:66:               + headlessService    = {
TestTerraformCompleteExample 2022-07-31T19:49:51Z logger.go:66:                   + annotations              = (known after apply)
TestTerraformCompleteExample 2022-07-31T19:49:51Z logger.go:66:                   + labels                   = (known after apply)
TestTerraformCompleteExample 2022-07-31T19:49:51Z logger.go:66:                   + publishNotReadyAddresses = (known after apply)
TestTerraformCompleteExample 2022-07-31T19:49:51Z logger.go:66:                 }
TestTerraformCompleteExample 2022-07-31T19:49:51Z logger.go:66:               + image              = {
TestTerraformCompleteExample 2022-07-31T19:49:51Z logger.go:66:                   + application   = "confluentinc/cp-zookeeper:7.2.0"
TestTerraformCompleteExample 2022-07-31T19:49:51Z logger.go:66:                   + init          = "confluentinc/confluent-init-container:2.4.0"
TestTerraformCompleteExample 2022-07-31T19:49:51Z logger.go:66:                   + pullPolicy    = (known after apply)
TestTerraformCompleteExample 2022-07-31T19:49:51Z logger.go:66:                   + pullSecretRef = (known after apply)
TestTerraformCompleteExample 2022-07-31T19:49:51Z logger.go:66:                 }
TestTerraformCompleteExample 2022-07-31T19:49:51Z logger.go:66:               + injectAnnotations  = (known after apply)
TestTerraformCompleteExample 2022-07-31T19:49:51Z logger.go:66:               + injectLabels       = (known after apply)
TestTerraformCompleteExample 2022-07-31T19:49:51Z logger.go:66:               + k8sClusterDomain   = (known after apply)
TestTerraformCompleteExample 2022-07-31T19:49:51Z logger.go:66:               + license            = {
TestTerraformCompleteExample 2022-07-31T19:49:51Z logger.go:66:                   + directoryPathInContainer = (known after apply)
TestTerraformCompleteExample 2022-07-31T19:49:51Z logger.go:66:                   + globalLicense            = (known after apply)
TestTerraformCompleteExample 2022-07-31T19:49:51Z logger.go:66:                   + secretRef                = (known after apply)
TestTerraformCompleteExample 2022-07-31T19:49:51Z logger.go:66:                 }
TestTerraformCompleteExample 2022-07-31T19:49:51Z logger.go:66:               + logVolumeCapacity  = "10Gi"
TestTerraformCompleteExample 2022-07-31T19:49:51Z logger.go:66:               + metrics            = {
TestTerraformCompleteExample 2022-07-31T19:49:51Z logger.go:66:                   + authentication = {
TestTerraformCompleteExample 2022-07-31T19:49:51Z logger.go:66:                       + type = (known after apply)
TestTerraformCompleteExample 2022-07-31T19:49:51Z logger.go:66:                     }
TestTerraformCompleteExample 2022-07-31T19:49:51Z logger.go:66:                   + prometheus     = {
TestTerraformCompleteExample 2022-07-31T19:49:51Z logger.go:66:                       + blacklist = (known after apply)
TestTerraformCompleteExample 2022-07-31T19:49:51Z logger.go:66:                       + rules     = (known after apply)
TestTerraformCompleteExample 2022-07-31T19:49:51Z logger.go:66:                       + whitelist = (known after apply)
TestTerraformCompleteExample 2022-07-31T19:49:51Z logger.go:66:                     }
TestTerraformCompleteExample 2022-07-31T19:49:51Z logger.go:66:                   + tls            = {
TestTerraformCompleteExample 2022-07-31T19:49:51Z logger.go:66:                       + directoryPathInContainer = (known after apply)
TestTerraformCompleteExample 2022-07-31T19:49:51Z logger.go:66:                       + enabled                  = (known after apply)
TestTerraformCompleteExample 2022-07-31T19:49:51Z logger.go:66:                       + ignoreTrustStoreConfig   = (known after apply)
TestTerraformCompleteExample 2022-07-31T19:49:51Z logger.go:66:                       + jksPassword              = {
TestTerraformCompleteExample 2022-07-31T19:49:51Z logger.go:66:                           + secretRef = (known after apply)
TestTerraformCompleteExample 2022-07-31T19:49:51Z logger.go:66:                         }
TestTerraformCompleteExample 2022-07-31T19:49:51Z logger.go:66:                       + secretRef                = (known after apply)
TestTerraformCompleteExample 2022-07-31T19:49:51Z logger.go:66:                     }
TestTerraformCompleteExample 2022-07-31T19:49:51Z logger.go:66:                 }
TestTerraformCompleteExample 2022-07-31T19:49:51Z logger.go:66:               + mountedSecrets     = (known after apply)
TestTerraformCompleteExample 2022-07-31T19:49:51Z logger.go:66:               + mountedVolumes     = {
TestTerraformCompleteExample 2022-07-31T19:49:51Z logger.go:66:                   + volumeMounts = (known after apply)
TestTerraformCompleteExample 2022-07-31T19:49:51Z logger.go:66:                   + volumes      = (known after apply)
TestTerraformCompleteExample 2022-07-31T19:49:51Z logger.go:66:                 }
TestTerraformCompleteExample 2022-07-31T19:49:51Z logger.go:66:               + oneReplicaPerNode  = (known after apply)
TestTerraformCompleteExample 2022-07-31T19:49:51Z logger.go:66:               + podTemplate        = {
TestTerraformCompleteExample 2022-07-31T19:49:51Z logger.go:66:                   + affinity                      = {
TestTerraformCompleteExample 2022-07-31T19:49:51Z logger.go:66:                       + nodeAffinity    = {
TestTerraformCompleteExample 2022-07-31T19:49:51Z logger.go:66:                           + preferredDuringSchedulingIgnoredDuringExecution = (known after apply)
TestTerraformCompleteExample 2022-07-31T19:49:51Z logger.go:66:                           + requiredDuringSchedulingIgnoredDuringExecution  = {
TestTerraformCompleteExample 2022-07-31T19:49:51Z logger.go:66:                               + nodeSelectorTerms = (known after apply)
TestTerraformCompleteExample 2022-07-31T19:49:51Z logger.go:66:                             }
TestTerraformCompleteExample 2022-07-31T19:49:51Z logger.go:66:                         }
TestTerraformCompleteExample 2022-07-31T19:49:51Z logger.go:66:                       + podAffinity     = {
TestTerraformCompleteExample 2022-07-31T19:49:51Z logger.go:66:                           + preferredDuringSchedulingIgnoredDuringExecution = (known after apply)
TestTerraformCompleteExample 2022-07-31T19:49:51Z logger.go:66:                           + requiredDuringSchedulingIgnoredDuringExecution  = (known after apply)
TestTerraformCompleteExample 2022-07-31T19:49:51Z logger.go:66:                         }
TestTerraformCompleteExample 2022-07-31T19:49:51Z logger.go:66:                       + podAntiAffinity = {
TestTerraformCompleteExample 2022-07-31T19:49:51Z logger.go:66:                           + preferredDuringSchedulingIgnoredDuringExecution = (known after apply)
TestTerraformCompleteExample 2022-07-31T19:49:51Z logger.go:66:                           + requiredDuringSchedulingIgnoredDuringExecution  = (known after apply)
TestTerraformCompleteExample 2022-07-31T19:49:51Z logger.go:66:                         }
TestTerraformCompleteExample 2022-07-31T19:49:51Z logger.go:66:                     }
TestTerraformCompleteExample 2022-07-31T19:49:51Z logger.go:66:                   + annotations                   = (known after apply)
TestTerraformCompleteExample 2022-07-31T19:49:51Z logger.go:66:                   + envVars                       = (known after apply)
TestTerraformCompleteExample 2022-07-31T19:49:51Z logger.go:66:                   + labels                        = (known after apply)
TestTerraformCompleteExample 2022-07-31T19:49:51Z logger.go:66:                   + podSecurityContext            = {
TestTerraformCompleteExample 2022-07-31T19:49:51Z logger.go:66:                       + fsGroup             = (known after apply)
TestTerraformCompleteExample 2022-07-31T19:49:51Z logger.go:66:                       + fsGroupChangePolicy = (known after apply)
TestTerraformCompleteExample 2022-07-31T19:49:51Z logger.go:66:                       + runAsGroup          = (known after apply)
TestTerraformCompleteExample 2022-07-31T19:49:51Z logger.go:66:                       + runAsNonRoot        = (known after apply)
TestTerraformCompleteExample 2022-07-31T19:49:51Z logger.go:66:                       + runAsUser           = (known after apply)
TestTerraformCompleteExample 2022-07-31T19:49:51Z logger.go:66:                       + seLinuxOptions      = {
TestTerraformCompleteExample 2022-07-31T19:49:51Z logger.go:66:                           + level = (known after apply)
TestTerraformCompleteExample 2022-07-31T19:49:51Z logger.go:66:                           + role  = (known after apply)
TestTerraformCompleteExample 2022-07-31T19:49:51Z logger.go:66:                           + type  = (known after apply)
TestTerraformCompleteExample 2022-07-31T19:49:51Z logger.go:66:                           + user  = (known after apply)
TestTerraformCompleteExample 2022-07-31T19:49:51Z logger.go:66:                         }
TestTerraformCompleteExample 2022-07-31T19:49:51Z logger.go:66:                       + seccompProfile      = {
TestTerraformCompleteExample 2022-07-31T19:49:51Z logger.go:66:                           + localhostProfile = (known after apply)
TestTerraformCompleteExample 2022-07-31T19:49:51Z logger.go:66:                           + type             = (known after apply)
TestTerraformCompleteExample 2022-07-31T19:49:51Z logger.go:66:                         }
TestTerraformCompleteExample 2022-07-31T19:49:51Z logger.go:66:                       + supplementalGroups  = (known after apply)
TestTerraformCompleteExample 2022-07-31T19:49:51Z logger.go:66:                       + sysctls             = (known after apply)
TestTerraformCompleteExample 2022-07-31T19:49:51Z logger.go:66:                       + windowsOptions      = {
TestTerraformCompleteExample 2022-07-31T19:49:51Z logger.go:66:                           + gmsaCredentialSpec     = (known after apply)
TestTerraformCompleteExample 2022-07-31T19:49:51Z logger.go:66:                           + gmsaCredentialSpecName = (known after apply)
TestTerraformCompleteExample 2022-07-31T19:49:51Z logger.go:66:                           + hostProcess            = (known after apply)
TestTerraformCompleteExample 2022-07-31T19:49:51Z logger.go:66:                           + runAsUserName          = (known after apply)
TestTerraformCompleteExample 2022-07-31T19:49:51Z logger.go:66:                         }
TestTerraformCompleteExample 2022-07-31T19:49:51Z logger.go:66:                     }
TestTerraformCompleteExample 2022-07-31T19:49:51Z logger.go:66:                   + priorityClassName             = (known after apply)
TestTerraformCompleteExample 2022-07-31T19:49:51Z logger.go:66:                   + probe                         = {
TestTerraformCompleteExample 2022-07-31T19:49:51Z logger.go:66:                       + liveness  = {
TestTerraformCompleteExample 2022-07-31T19:49:51Z logger.go:66:                           + failureThreshold    = (known after apply)
TestTerraformCompleteExample 2022-07-31T19:49:51Z logger.go:66:                           + initialDelaySeconds = (known after apply)
TestTerraformCompleteExample 2022-07-31T19:49:51Z logger.go:66:                           + periodSeconds       = (known after apply)
TestTerraformCompleteExample 2022-07-31T19:49:51Z logger.go:66:                           + successThreshold    = (known after apply)
TestTerraformCompleteExample 2022-07-31T19:49:51Z logger.go:66:                           + timeoutSeconds      = (known after apply)
TestTerraformCompleteExample 2022-07-31T19:49:51Z logger.go:66:                         }
TestTerraformCompleteExample 2022-07-31T19:49:51Z logger.go:66:                       + readiness = {
TestTerraformCompleteExample 2022-07-31T19:49:51Z logger.go:66:                           + failureThreshold    = (known after apply)
TestTerraformCompleteExample 2022-07-31T19:49:51Z logger.go:66:                           + initialDelaySeconds = (known after apply)
TestTerraformCompleteExample 2022-07-31T19:49:51Z logger.go:66:                           + periodSeconds       = (known after apply)
TestTerraformCompleteExample 2022-07-31T19:49:51Z logger.go:66:                           + successThreshold    = (known after apply)
TestTerraformCompleteExample 2022-07-31T19:49:51Z logger.go:66:                           + timeoutSeconds      = (known after apply)
TestTerraformCompleteExample 2022-07-31T19:49:51Z logger.go:66:                         }
TestTerraformCompleteExample 2022-07-31T19:49:51Z logger.go:66:                     }
TestTerraformCompleteExample 2022-07-31T19:49:51Z logger.go:66:                   + resources                     = {
TestTerraformCompleteExample 2022-07-31T19:49:51Z logger.go:66:                       + limits   = (known after apply)
TestTerraformCompleteExample 2022-07-31T19:49:51Z logger.go:66:                       + requests = (known after apply)
TestTerraformCompleteExample 2022-07-31T19:49:51Z logger.go:66:                     }
TestTerraformCompleteExample 2022-07-31T19:49:51Z logger.go:66:                   + securityContext               = {
TestTerraformCompleteExample 2022-07-31T19:49:51Z logger.go:66:                       + allowPrivilegeEscalation = (known after apply)
TestTerraformCompleteExample 2022-07-31T19:49:51Z logger.go:66:                       + capabilities             = {
TestTerraformCompleteExample 2022-07-31T19:49:51Z logger.go:66:                           + add  = (known after apply)
TestTerraformCompleteExample 2022-07-31T19:49:51Z logger.go:66:                           + drop = (known after apply)
TestTerraformCompleteExample 2022-07-31T19:49:51Z logger.go:66:                         }
TestTerraformCompleteExample 2022-07-31T19:49:51Z logger.go:66:                       + privileged               = (known after apply)
TestTerraformCompleteExample 2022-07-31T19:49:51Z logger.go:66:                       + procMount                = (known after apply)
TestTerraformCompleteExample 2022-07-31T19:49:51Z logger.go:66:                       + readOnlyRootFilesystem   = (known after apply)
TestTerraformCompleteExample 2022-07-31T19:49:51Z logger.go:66:                       + runAsGroup               = (known after apply)
TestTerraformCompleteExample 2022-07-31T19:49:51Z logger.go:66:                       + runAsNonRoot             = (known after apply)
TestTerraformCompleteExample 2022-07-31T19:49:51Z logger.go:66:                       + runAsUser                = (known after apply)
TestTerraformCompleteExample 2022-07-31T19:49:51Z logger.go:66:                       + seLinuxOptions           = {
TestTerraformCompleteExample 2022-07-31T19:49:51Z logger.go:66:                           + level = (known after apply)
TestTerraformCompleteExample 2022-07-31T19:49:51Z logger.go:66:                           + role  = (known after apply)
TestTerraformCompleteExample 2022-07-31T19:49:51Z logger.go:66:                           + type  = (known after apply)
TestTerraformCompleteExample 2022-07-31T19:49:51Z logger.go:66:                           + user  = (known after apply)
TestTerraformCompleteExample 2022-07-31T19:49:51Z logger.go:66:                         }
TestTerraformCompleteExample 2022-07-31T19:49:51Z logger.go:66:                       + seccompProfile           = {
TestTerraformCompleteExample 2022-07-31T19:49:51Z logger.go:66:                           + localhostProfile = (known after apply)
TestTerraformCompleteExample 2022-07-31T19:49:51Z logger.go:66:                           + type             = (known after apply)
TestTerraformCompleteExample 2022-07-31T19:49:51Z logger.go:66:                         }
TestTerraformCompleteExample 2022-07-31T19:49:51Z logger.go:66:                       + windowsOptions           = {
TestTerraformCompleteExample 2022-07-31T19:49:51Z logger.go:66:                           + gmsaCredentialSpec     = (known after apply)
TestTerraformCompleteExample 2022-07-31T19:49:51Z logger.go:66:                           + gmsaCredentialSpecName = (known after apply)
TestTerraformCompleteExample 2022-07-31T19:49:51Z logger.go:66:                           + hostProcess            = (known after apply)
TestTerraformCompleteExample 2022-07-31T19:49:51Z logger.go:66:                           + runAsUserName          = (known after apply)
TestTerraformCompleteExample 2022-07-31T19:49:51Z logger.go:66:                         }
TestTerraformCompleteExample 2022-07-31T19:49:51Z logger.go:66:                     }
TestTerraformCompleteExample 2022-07-31T19:49:51Z logger.go:66:                   + serviceAccountName            = (known after apply)
TestTerraformCompleteExample 2022-07-31T19:49:51Z logger.go:66:                   + terminationGracePeriodSeconds = (known after apply)
TestTerraformCompleteExample 2022-07-31T19:49:51Z logger.go:66:                   + tolerations                   = (known after apply)
TestTerraformCompleteExample 2022-07-31T19:49:51Z logger.go:66:                   + topologySpreadConstraints     = (known after apply)
TestTerraformCompleteExample 2022-07-31T19:49:51Z logger.go:66:                 }
TestTerraformCompleteExample 2022-07-31T19:49:51Z logger.go:66:               + replicas           = 3
TestTerraformCompleteExample 2022-07-31T19:49:51Z logger.go:66:               + storageClass       = {
TestTerraformCompleteExample 2022-07-31T19:49:51Z logger.go:66:                   + name = (known after apply)
TestTerraformCompleteExample 2022-07-31T19:49:51Z logger.go:66:                 }
TestTerraformCompleteExample 2022-07-31T19:49:51Z logger.go:66:               + tls                = {
TestTerraformCompleteExample 2022-07-31T19:49:51Z logger.go:66:                   + autoGeneratedCerts       = (known after apply)
TestTerraformCompleteExample 2022-07-31T19:49:51Z logger.go:66:                   + directoryPathInContainer = (known after apply)
TestTerraformCompleteExample 2022-07-31T19:49:51Z logger.go:66:                   + ignoreTrustStoreConfig   = (known after apply)
TestTerraformCompleteExample 2022-07-31T19:49:51Z logger.go:66:                   + jksPassword              = {
TestTerraformCompleteExample 2022-07-31T19:49:51Z logger.go:66:                       + secretRef = (known after apply)
TestTerraformCompleteExample 2022-07-31T19:49:51Z logger.go:66:                     }
TestTerraformCompleteExample 2022-07-31T19:49:51Z logger.go:66:                   + secretRef                = (known after apply)
TestTerraformCompleteExample 2022-07-31T19:49:51Z logger.go:66:                 }
TestTerraformCompleteExample 2022-07-31T19:49:51Z logger.go:66:             }
TestTerraformCompleteExample 2022-07-31T19:49:51Z logger.go:66:         }
TestTerraformCompleteExample 2022-07-31T19:49:51Z logger.go:66:
TestTerraformCompleteExample 2022-07-31T19:49:51Z logger.go:66:       + timeouts {
TestTerraformCompleteExample 2022-07-31T19:49:51Z logger.go:66:           + create = "1h"
TestTerraformCompleteExample 2022-07-31T19:49:51Z logger.go:66:           + delete = "10m"
TestTerraformCompleteExample 2022-07-31T19:49:51Z logger.go:66:           + update = "1h"
TestTerraformCompleteExample 2022-07-31T19:49:51Z logger.go:66:         }
TestTerraformCompleteExample 2022-07-31T19:49:51Z logger.go:66:
TestTerraformCompleteExample 2022-07-31T19:49:51Z logger.go:66:       + wait {
TestTerraformCompleteExample 2022-07-31T19:49:51Z logger.go:66:           + fields = {
TestTerraformCompleteExample 2022-07-31T19:49:51Z logger.go:66:               + "status.phase" = "RUNNING"
TestTerraformCompleteExample 2022-07-31T19:49:51Z logger.go:66:             }
TestTerraformCompleteExample 2022-07-31T19:49:51Z logger.go:66:         }
TestTerraformCompleteExample 2022-07-31T19:49:51Z logger.go:66:     }
TestTerraformCompleteExample 2022-07-31T19:49:51Z logger.go:66:
TestTerraformCompleteExample 2022-07-31T19:49:51Z logger.go:66:   # module.confluent_platform.module.confluent_operator[0].helm_release.confluent_operator[0] will be created
TestTerraformCompleteExample 2022-07-31T19:49:51Z logger.go:66:   + resource "helm_release" "confluent_operator" {
TestTerraformCompleteExample 2022-07-31T19:49:51Z logger.go:66:       + atomic                     = false
TestTerraformCompleteExample 2022-07-31T19:49:51Z logger.go:66:       + chart                      = "confluent-for-kubernetes"
TestTerraformCompleteExample 2022-07-31T19:49:51Z logger.go:66:       + cleanup_on_fail            = false
TestTerraformCompleteExample 2022-07-31T19:49:51Z logger.go:66:       + create_namespace           = false
TestTerraformCompleteExample 2022-07-31T19:49:51Z logger.go:66:       + dependency_update          = false
TestTerraformCompleteExample 2022-07-31T19:49:51Z logger.go:66:       + disable_crd_hooks          = false
TestTerraformCompleteExample 2022-07-31T19:49:51Z logger.go:66:       + disable_openapi_validation = false
TestTerraformCompleteExample 2022-07-31T19:49:51Z logger.go:66:       + disable_webhooks           = false
TestTerraformCompleteExample 2022-07-31T19:49:51Z logger.go:66:       + force_update               = false
TestTerraformCompleteExample 2022-07-31T19:49:51Z logger.go:66:       + id                         = (known after apply)
TestTerraformCompleteExample 2022-07-31T19:49:51Z logger.go:66:       + lint                       = false
TestTerraformCompleteExample 2022-07-31T19:49:51Z logger.go:66:       + manifest                   = (known after apply)
TestTerraformCompleteExample 2022-07-31T19:49:51Z logger.go:66:       + max_history                = 0
TestTerraformCompleteExample 2022-07-31T19:49:51Z logger.go:66:       + metadata                   = (known after apply)
TestTerraformCompleteExample 2022-07-31T19:49:51Z logger.go:66:       + name                       = "confluent-operator"
TestTerraformCompleteExample 2022-07-31T19:49:51Z logger.go:66:       + namespace                  = "confluent"
TestTerraformCompleteExample 2022-07-31T19:49:51Z logger.go:66:       + pass_credentials           = false
TestTerraformCompleteExample 2022-07-31T19:49:51Z logger.go:66:       + recreate_pods              = false
TestTerraformCompleteExample 2022-07-31T19:49:51Z logger.go:66:       + render_subchart_notes      = true
TestTerraformCompleteExample 2022-07-31T19:49:51Z logger.go:66:       + replace                    = false
TestTerraformCompleteExample 2022-07-31T19:49:51Z logger.go:66:       + repository                 = "https://packages.confluent.io/helm"
TestTerraformCompleteExample 2022-07-31T19:49:51Z logger.go:66:       + reset_values               = false
TestTerraformCompleteExample 2022-07-31T19:49:51Z logger.go:66:       + reuse_values               = false
TestTerraformCompleteExample 2022-07-31T19:49:51Z logger.go:66:       + skip_crds                  = false
TestTerraformCompleteExample 2022-07-31T19:49:51Z logger.go:66:       + status                     = "deployed"
TestTerraformCompleteExample 2022-07-31T19:49:51Z logger.go:66:       + timeout                    = 300
TestTerraformCompleteExample 2022-07-31T19:49:51Z logger.go:66:       + values                     = []
TestTerraformCompleteExample 2022-07-31T19:49:51Z logger.go:66:       + verify                     = false
TestTerraformCompleteExample 2022-07-31T19:49:51Z logger.go:66:       + version                    = "0.517.12"
TestTerraformCompleteExample 2022-07-31T19:49:51Z logger.go:66:       + wait                       = true
TestTerraformCompleteExample 2022-07-31T19:49:51Z logger.go:66:       + wait_for_jobs              = true
TestTerraformCompleteExample 2022-07-31T19:49:51Z logger.go:66:     }
TestTerraformCompleteExample 2022-07-31T19:49:51Z logger.go:66:
TestTerraformCompleteExample 2022-07-31T19:49:51Z logger.go:66:   # module.confluent_platform.module.confluent_operator[0].kubernetes_namespace_v1.namespace[0] will be created
TestTerraformCompleteExample 2022-07-31T19:49:51Z logger.go:66:   + resource "kubernetes_namespace_v1" "namespace" {
TestTerraformCompleteExample 2022-07-31T19:49:51Z logger.go:66:       + id = (known after apply)
TestTerraformCompleteExample 2022-07-31T19:49:51Z logger.go:66:
TestTerraformCompleteExample 2022-07-31T19:49:51Z logger.go:66:       + metadata {
TestTerraformCompleteExample 2022-07-31T19:49:51Z logger.go:66:           + generation       = (known after apply)
TestTerraformCompleteExample 2022-07-31T19:49:51Z logger.go:66:           + name             = "confluent"
TestTerraformCompleteExample 2022-07-31T19:49:51Z logger.go:66:           + resource_version = (known after apply)
TestTerraformCompleteExample 2022-07-31T19:49:51Z logger.go:66:           + uid              = (known after apply)
TestTerraformCompleteExample 2022-07-31T19:49:51Z logger.go:66:         }
TestTerraformCompleteExample 2022-07-31T19:49:51Z logger.go:66:     }
TestTerraformCompleteExample 2022-07-31T19:49:51Z logger.go:66:
TestTerraformCompleteExample 2022-07-31T19:49:51Z logger.go:66:   # module.confluent_platform.module.kafka_topics["my-other-topic"].kubernetes_manifest.topic will be created
TestTerraformCompleteExample 2022-07-31T19:49:51Z logger.go:66:   + resource "kubernetes_manifest" "topic" {
TestTerraformCompleteExample 2022-07-31T19:49:51Z logger.go:66:       + computed_fields = [
TestTerraformCompleteExample 2022-07-31T19:49:51Z logger.go:66:           + "metadata.finalizers",
TestTerraformCompleteExample 2022-07-31T19:49:51Z logger.go:66:         ]
TestTerraformCompleteExample 2022-07-31T19:49:51Z logger.go:66:       + manifest        = {
TestTerraformCompleteExample 2022-07-31T19:49:51Z logger.go:66:           + apiVersion = "platform.confluent.io/v1beta1"
TestTerraformCompleteExample 2022-07-31T19:49:51Z logger.go:66:           + kind       = "KafkaTopic"
TestTerraformCompleteExample 2022-07-31T19:49:51Z logger.go:66:           + metadata   = {
TestTerraformCompleteExample 2022-07-31T19:49:51Z logger.go:66:               + name      = "my-other-topic"
TestTerraformCompleteExample 2022-07-31T19:49:51Z logger.go:66:               + namespace = "confluent"
TestTerraformCompleteExample 2022-07-31T19:49:51Z logger.go:66:             }
TestTerraformCompleteExample 2022-07-31T19:49:51Z logger.go:66:           + spec       = {
TestTerraformCompleteExample 2022-07-31T19:49:51Z logger.go:66:               + configs        = {
TestTerraformCompleteExample 2022-07-31T19:49:51Z logger.go:66:                   + "cleanup.policy" = "delete"
TestTerraformCompleteExample 2022-07-31T19:49:51Z logger.go:66:                 }
TestTerraformCompleteExample 2022-07-31T19:49:51Z logger.go:66:               + partitionCount = 3
TestTerraformCompleteExample 2022-07-31T19:49:51Z logger.go:66:               + replicas       = 3
TestTerraformCompleteExample 2022-07-31T19:49:51Z logger.go:66:             }
TestTerraformCompleteExample 2022-07-31T19:49:51Z logger.go:66:         }
TestTerraformCompleteExample 2022-07-31T19:49:51Z logger.go:66:       + object          = {
TestTerraformCompleteExample 2022-07-31T19:49:51Z logger.go:66:           + apiVersion = "platform.confluent.io/v1beta1"
TestTerraformCompleteExample 2022-07-31T19:49:51Z logger.go:66:           + kind       = "KafkaTopic"
TestTerraformCompleteExample 2022-07-31T19:49:51Z logger.go:66:           + metadata   = {
TestTerraformCompleteExample 2022-07-31T19:49:51Z logger.go:66:               + annotations                = (known after apply)
TestTerraformCompleteExample 2022-07-31T19:49:51Z logger.go:66:               + clusterName                = (known after apply)
TestTerraformCompleteExample 2022-07-31T19:49:51Z logger.go:66:               + creationTimestamp          = (known after apply)
TestTerraformCompleteExample 2022-07-31T19:49:51Z logger.go:66:               + deletionGracePeriodSeconds = (known after apply)
TestTerraformCompleteExample 2022-07-31T19:49:51Z logger.go:66:               + deletionTimestamp          = (known after apply)
TestTerraformCompleteExample 2022-07-31T19:49:51Z logger.go:66:               + finalizers                 = (known after apply)
TestTerraformCompleteExample 2022-07-31T19:49:51Z logger.go:66:               + generateName               = (known after apply)
TestTerraformCompleteExample 2022-07-31T19:49:51Z logger.go:66:               + generation                 = (known after apply)
TestTerraformCompleteExample 2022-07-31T19:49:51Z logger.go:66:               + labels                     = (known after apply)
TestTerraformCompleteExample 2022-07-31T19:49:51Z logger.go:66:               + managedFields              = (known after apply)
TestTerraformCompleteExample 2022-07-31T19:49:51Z logger.go:66:               + name                       = "my-other-topic"
TestTerraformCompleteExample 2022-07-31T19:49:51Z logger.go:66:               + namespace                  = "confluent"
TestTerraformCompleteExample 2022-07-31T19:49:51Z logger.go:66:               + ownerReferences            = (known after apply)
TestTerraformCompleteExample 2022-07-31T19:49:51Z logger.go:66:               + resourceVersion            = (known after apply)
TestTerraformCompleteExample 2022-07-31T19:49:51Z logger.go:66:               + selfLink                   = (known after apply)
TestTerraformCompleteExample 2022-07-31T19:49:51Z logger.go:66:               + uid                        = (known after apply)
TestTerraformCompleteExample 2022-07-31T19:49:51Z logger.go:66:             }
TestTerraformCompleteExample 2022-07-31T19:49:51Z logger.go:66:           + spec       = {
TestTerraformCompleteExample 2022-07-31T19:49:51Z logger.go:66:               + configs           = {
TestTerraformCompleteExample 2022-07-31T19:49:51Z logger.go:66:                   + "cleanup.policy" = "delete"
TestTerraformCompleteExample 2022-07-31T19:49:51Z logger.go:66:                 }
TestTerraformCompleteExample 2022-07-31T19:49:51Z logger.go:66:               + kafkaClusterRef   = {
TestTerraformCompleteExample 2022-07-31T19:49:51Z logger.go:66:                   + name      = (known after apply)
TestTerraformCompleteExample 2022-07-31T19:49:51Z logger.go:66:                   + namespace = (known after apply)
TestTerraformCompleteExample 2022-07-31T19:49:51Z logger.go:66:                 }
TestTerraformCompleteExample 2022-07-31T19:49:51Z logger.go:66:               + kafkaRest         = {
TestTerraformCompleteExample 2022-07-31T19:49:51Z logger.go:66:                   + authentication = {
TestTerraformCompleteExample 2022-07-31T19:49:51Z logger.go:66:                       + basic  = {
TestTerraformCompleteExample 2022-07-31T19:49:51Z logger.go:66:                           + debug                    = (known after apply)
TestTerraformCompleteExample 2022-07-31T19:49:51Z logger.go:66:                           + directoryPathInContainer = (known after apply)
TestTerraformCompleteExample 2022-07-31T19:49:51Z logger.go:66:                           + restrictedRoles          = (known after apply)
TestTerraformCompleteExample 2022-07-31T19:49:51Z logger.go:66:                           + roles                    = (known after apply)
TestTerraformCompleteExample 2022-07-31T19:49:51Z logger.go:66:                           + secretRef                = (known after apply)
TestTerraformCompleteExample 2022-07-31T19:49:51Z logger.go:66:                         }
TestTerraformCompleteExample 2022-07-31T19:49:51Z logger.go:66:                       + bearer = {
TestTerraformCompleteExample 2022-07-31T19:49:51Z logger.go:66:                           + directoryPathInContainer = (known after apply)
TestTerraformCompleteExample 2022-07-31T19:49:51Z logger.go:66:                           + secretRef                = (known after apply)
TestTerraformCompleteExample 2022-07-31T19:49:51Z logger.go:66:                         }
TestTerraformCompleteExample 2022-07-31T19:49:51Z logger.go:66:                       + type   = (known after apply)
TestTerraformCompleteExample 2022-07-31T19:49:51Z logger.go:66:                     }
TestTerraformCompleteExample 2022-07-31T19:49:51Z logger.go:66:                   + endpoint       = (known after apply)
TestTerraformCompleteExample 2022-07-31T19:49:51Z logger.go:66:                   + kafkaClusterID = (known after apply)
TestTerraformCompleteExample 2022-07-31T19:49:51Z logger.go:66:                   + tls            = {
TestTerraformCompleteExample 2022-07-31T19:49:51Z logger.go:66:                       + directoryPathInContainer = (known after apply)
TestTerraformCompleteExample 2022-07-31T19:49:51Z logger.go:66:                       + jksPassword              = {
TestTerraformCompleteExample 2022-07-31T19:49:51Z logger.go:66:                           + secretRef = (known after apply)
TestTerraformCompleteExample 2022-07-31T19:49:51Z logger.go:66:                         }
TestTerraformCompleteExample 2022-07-31T19:49:51Z logger.go:66:                       + secretRef                = (known after apply)
TestTerraformCompleteExample 2022-07-31T19:49:51Z logger.go:66:                     }
TestTerraformCompleteExample 2022-07-31T19:49:51Z logger.go:66:                 }
TestTerraformCompleteExample 2022-07-31T19:49:51Z logger.go:66:               + kafkaRestClassRef = {
TestTerraformCompleteExample 2022-07-31T19:49:51Z logger.go:66:                   + name      = (known after apply)
TestTerraformCompleteExample 2022-07-31T19:49:51Z logger.go:66:                   + namespace = (known after apply)
TestTerraformCompleteExample 2022-07-31T19:49:51Z logger.go:66:                 }
TestTerraformCompleteExample 2022-07-31T19:49:51Z logger.go:66:               + name              = (known after apply)
TestTerraformCompleteExample 2022-07-31T19:49:51Z logger.go:66:               + partitionCount    = 3
TestTerraformCompleteExample 2022-07-31T19:49:51Z logger.go:66:               + replicas          = 3
TestTerraformCompleteExample 2022-07-31T19:49:51Z logger.go:66:             }
TestTerraformCompleteExample 2022-07-31T19:49:51Z logger.go:66:         }
TestTerraformCompleteExample 2022-07-31T19:49:51Z logger.go:66:
TestTerraformCompleteExample 2022-07-31T19:49:51Z logger.go:66:       + timeouts {
TestTerraformCompleteExample 2022-07-31T19:49:51Z logger.go:66:           + create = "5m"
TestTerraformCompleteExample 2022-07-31T19:49:51Z logger.go:66:           + delete = "5m"
TestTerraformCompleteExample 2022-07-31T19:49:51Z logger.go:66:           + update = "5m"
TestTerraformCompleteExample 2022-07-31T19:49:51Z logger.go:66:         }
TestTerraformCompleteExample 2022-07-31T19:49:51Z logger.go:66:
TestTerraformCompleteExample 2022-07-31T19:49:51Z logger.go:66:       + wait {
TestTerraformCompleteExample 2022-07-31T19:49:51Z logger.go:66:           + fields = {
TestTerraformCompleteExample 2022-07-31T19:49:51Z logger.go:66:               + "status.state" = "CREATED"
TestTerraformCompleteExample 2022-07-31T19:49:51Z logger.go:66:             }
TestTerraformCompleteExample 2022-07-31T19:49:51Z logger.go:66:         }
TestTerraformCompleteExample 2022-07-31T19:49:51Z logger.go:66:     }
TestTerraformCompleteExample 2022-07-31T19:49:51Z logger.go:66:
TestTerraformCompleteExample 2022-07-31T19:49:51Z logger.go:66:   # module.confluent_platform.module.kafka_topics["my-topic"].kubernetes_manifest.topic will be created
TestTerraformCompleteExample 2022-07-31T19:49:51Z logger.go:66:   + resource "kubernetes_manifest" "topic" {
TestTerraformCompleteExample 2022-07-31T19:49:51Z logger.go:66:       + computed_fields = [
TestTerraformCompleteExample 2022-07-31T19:49:51Z logger.go:66:           + "metadata.finalizers",
TestTerraformCompleteExample 2022-07-31T19:49:51Z logger.go:66:         ]
TestTerraformCompleteExample 2022-07-31T19:49:51Z logger.go:66:       + manifest        = {
TestTerraformCompleteExample 2022-07-31T19:49:51Z logger.go:66:           + apiVersion = "platform.confluent.io/v1beta1"
TestTerraformCompleteExample 2022-07-31T19:49:51Z logger.go:66:           + kind       = "KafkaTopic"
TestTerraformCompleteExample 2022-07-31T19:49:51Z logger.go:66:           + metadata   = {
TestTerraformCompleteExample 2022-07-31T19:49:51Z logger.go:66:               + name      = "my-topic"
TestTerraformCompleteExample 2022-07-31T19:49:51Z logger.go:66:               + namespace = "confluent"
TestTerraformCompleteExample 2022-07-31T19:49:51Z logger.go:66:             }
TestTerraformCompleteExample 2022-07-31T19:49:51Z logger.go:66:           + spec       = {
TestTerraformCompleteExample 2022-07-31T19:49:51Z logger.go:66:               + configs        = {
TestTerraformCompleteExample 2022-07-31T19:49:51Z logger.go:66:                   + "cleanup.policy" = "delete"
TestTerraformCompleteExample 2022-07-31T19:49:51Z logger.go:66:                 }
TestTerraformCompleteExample 2022-07-31T19:49:51Z logger.go:66:               + partitionCount = 3
TestTerraformCompleteExample 2022-07-31T19:49:51Z logger.go:66:               + replicas       = 3
TestTerraformCompleteExample 2022-07-31T19:49:51Z logger.go:66:             }
TestTerraformCompleteExample 2022-07-31T19:49:51Z logger.go:66:         }
TestTerraformCompleteExample 2022-07-31T19:49:51Z logger.go:66:       + object          = {
TestTerraformCompleteExample 2022-07-31T19:49:51Z logger.go:66:           + apiVersion = "platform.confluent.io/v1beta1"
TestTerraformCompleteExample 2022-07-31T19:49:51Z logger.go:66:           + kind       = "KafkaTopic"
TestTerraformCompleteExample 2022-07-31T19:49:51Z logger.go:66:           + metadata   = {
TestTerraformCompleteExample 2022-07-31T19:49:51Z logger.go:66:               + annotations                = (known after apply)
TestTerraformCompleteExample 2022-07-31T19:49:51Z logger.go:66:               + clusterName                = (known after apply)
TestTerraformCompleteExample 2022-07-31T19:49:51Z logger.go:66:               + creationTimestamp          = (known after apply)
TestTerraformCompleteExample 2022-07-31T19:49:51Z logger.go:66:               + deletionGracePeriodSeconds = (known after apply)
TestTerraformCompleteExample 2022-07-31T19:49:51Z logger.go:66:               + deletionTimestamp          = (known after apply)
TestTerraformCompleteExample 2022-07-31T19:49:51Z logger.go:66:               + finalizers                 = (known after apply)
TestTerraformCompleteExample 2022-07-31T19:49:51Z logger.go:66:               + generateName               = (known after apply)
TestTerraformCompleteExample 2022-07-31T19:49:51Z logger.go:66:               + generation                 = (known after apply)
TestTerraformCompleteExample 2022-07-31T19:49:51Z logger.go:66:               + labels                     = (known after apply)
TestTerraformCompleteExample 2022-07-31T19:49:51Z logger.go:66:               + managedFields              = (known after apply)
TestTerraformCompleteExample 2022-07-31T19:49:51Z logger.go:66:               + name                       = "my-topic"
TestTerraformCompleteExample 2022-07-31T19:49:51Z logger.go:66:               + namespace                  = "confluent"
TestTerraformCompleteExample 2022-07-31T19:49:51Z logger.go:66:               + ownerReferences            = (known after apply)
TestTerraformCompleteExample 2022-07-31T19:49:51Z logger.go:66:               + resourceVersion            = (known after apply)
TestTerraformCompleteExample 2022-07-31T19:49:51Z logger.go:66:               + selfLink                   = (known after apply)
TestTerraformCompleteExample 2022-07-31T19:49:51Z logger.go:66:               + uid                        = (known after apply)
TestTerraformCompleteExample 2022-07-31T19:49:51Z logger.go:66:             }
TestTerraformCompleteExample 2022-07-31T19:49:51Z logger.go:66:           + spec       = {
TestTerraformCompleteExample 2022-07-31T19:49:51Z logger.go:66:               + configs           = {
TestTerraformCompleteExample 2022-07-31T19:49:51Z logger.go:66:                   + "cleanup.policy" = "delete"
TestTerraformCompleteExample 2022-07-31T19:49:51Z logger.go:66:                 }
TestTerraformCompleteExample 2022-07-31T19:49:51Z logger.go:66:               + kafkaClusterRef   = {
TestTerraformCompleteExample 2022-07-31T19:49:51Z logger.go:66:                   + name      = (known after apply)
TestTerraformCompleteExample 2022-07-31T19:49:51Z logger.go:66:                   + namespace = (known after apply)
TestTerraformCompleteExample 2022-07-31T19:49:51Z logger.go:66:                 }
TestTerraformCompleteExample 2022-07-31T19:49:51Z logger.go:66:               + kafkaRest         = {
TestTerraformCompleteExample 2022-07-31T19:49:51Z logger.go:66:                   + authentication = {
TestTerraformCompleteExample 2022-07-31T19:49:51Z logger.go:66:                       + basic  = {
TestTerraformCompleteExample 2022-07-31T19:49:51Z logger.go:66:                           + debug                    = (known after apply)
TestTerraformCompleteExample 2022-07-31T19:49:51Z logger.go:66:                           + directoryPathInContainer = (known after apply)
TestTerraformCompleteExample 2022-07-31T19:49:51Z logger.go:66:                           + restrictedRoles          = (known after apply)
TestTerraformCompleteExample 2022-07-31T19:49:51Z logger.go:66:                           + roles                    = (known after apply)
TestTerraformCompleteExample 2022-07-31T19:49:51Z logger.go:66:                           + secretRef                = (known after apply)
TestTerraformCompleteExample 2022-07-31T19:49:51Z logger.go:66:                         }
TestTerraformCompleteExample 2022-07-31T19:49:51Z logger.go:66:                       + bearer = {
TestTerraformCompleteExample 2022-07-31T19:49:51Z logger.go:66:                           + directoryPathInContainer = (known after apply)
TestTerraformCompleteExample 2022-07-31T19:49:51Z logger.go:66:                           + secretRef                = (known after apply)
TestTerraformCompleteExample 2022-07-31T19:49:51Z logger.go:66:                         }
TestTerraformCompleteExample 2022-07-31T19:49:51Z logger.go:66:                       + type   = (known after apply)
TestTerraformCompleteExample 2022-07-31T19:49:51Z logger.go:66:                     }
TestTerraformCompleteExample 2022-07-31T19:49:51Z logger.go:66:                   + endpoint       = (known after apply)
TestTerraformCompleteExample 2022-07-31T19:49:51Z logger.go:66:                   + kafkaClusterID = (known after apply)
TestTerraformCompleteExample 2022-07-31T19:49:51Z logger.go:66:                   + tls            = {
TestTerraformCompleteExample 2022-07-31T19:49:51Z logger.go:66:                       + directoryPathInContainer = (known after apply)
TestTerraformCompleteExample 2022-07-31T19:49:51Z logger.go:66:                       + jksPassword              = {
TestTerraformCompleteExample 2022-07-31T19:49:51Z logger.go:66:                           + secretRef = (known after apply)
TestTerraformCompleteExample 2022-07-31T19:49:51Z logger.go:66:                         }
TestTerraformCompleteExample 2022-07-31T19:49:51Z logger.go:66:                       + secretRef                = (known after apply)
TestTerraformCompleteExample 2022-07-31T19:49:51Z logger.go:66:                     }
TestTerraformCompleteExample 2022-07-31T19:49:51Z logger.go:66:                 }
TestTerraformCompleteExample 2022-07-31T19:49:51Z logger.go:66:               + kafkaRestClassRef = {
TestTerraformCompleteExample 2022-07-31T19:49:51Z logger.go:66:                   + name      = (known after apply)
TestTerraformCompleteExample 2022-07-31T19:49:51Z logger.go:66:                   + namespace = (known after apply)
TestTerraformCompleteExample 2022-07-31T19:49:51Z logger.go:66:                 }
TestTerraformCompleteExample 2022-07-31T19:49:51Z logger.go:66:               + name              = (known after apply)
TestTerraformCompleteExample 2022-07-31T19:49:51Z logger.go:66:               + partitionCount    = 3
TestTerraformCompleteExample 2022-07-31T19:49:51Z logger.go:66:               + replicas          = 3
TestTerraformCompleteExample 2022-07-31T19:49:51Z logger.go:66:             }
TestTerraformCompleteExample 2022-07-31T19:49:51Z logger.go:66:         }
TestTerraformCompleteExample 2022-07-31T19:49:51Z logger.go:66:
TestTerraformCompleteExample 2022-07-31T19:49:51Z logger.go:66:       + timeouts {
TestTerraformCompleteExample 2022-07-31T19:49:51Z logger.go:66:           + create = "5m"
TestTerraformCompleteExample 2022-07-31T19:49:51Z logger.go:66:           + delete = "5m"
TestTerraformCompleteExample 2022-07-31T19:49:51Z logger.go:66:           + update = "5m"
TestTerraformCompleteExample 2022-07-31T19:49:51Z logger.go:66:         }
TestTerraformCompleteExample 2022-07-31T19:49:51Z logger.go:66:
TestTerraformCompleteExample 2022-07-31T19:49:51Z logger.go:66:       + wait {
TestTerraformCompleteExample 2022-07-31T19:49:51Z logger.go:66:           + fields = {
TestTerraformCompleteExample 2022-07-31T19:49:51Z logger.go:66:               + "status.state" = "CREATED"
TestTerraformCompleteExample 2022-07-31T19:49:51Z logger.go:66:             }
TestTerraformCompleteExample 2022-07-31T19:49:51Z logger.go:66:         }
TestTerraformCompleteExample 2022-07-31T19:49:51Z logger.go:66:     }
TestTerraformCompleteExample 2022-07-31T19:49:51Z logger.go:66:
TestTerraformCompleteExample 2022-07-31T19:49:51Z logger.go:66: Plan: 6 to add, 0 to change, 0 to destroy.
TestTerraformCompleteExample 2022-07-31T19:49:51Z logger.go:66:
TestTerraformCompleteExample 2022-07-31T19:49:51Z logger.go:66: Changes to Outputs:
TestTerraformCompleteExample 2022-07-31T19:49:51Z logger.go:66:   + confluent_operator = {
TestTerraformCompleteExample 2022-07-31T19:49:51Z logger.go:66:       + app_version   = (known after apply)
TestTerraformCompleteExample 2022-07-31T19:49:51Z logger.go:66:       + chart_version = (known after apply)
TestTerraformCompleteExample 2022-07-31T19:49:51Z logger.go:66:       + namespace     = "confluent"
TestTerraformCompleteExample 2022-07-31T19:49:51Z logger.go:66:     }
TestTerraformCompleteExample 2022-07-31T19:49:51Z logger.go:66:   + kafka              = {
TestTerraformCompleteExample 2022-07-31T19:49:51Z logger.go:66:       + apiVersion = "platform.confluent.io/v1beta1"
TestTerraformCompleteExample 2022-07-31T19:49:51Z logger.go:66:       + kind       = "Kafka"
TestTerraformCompleteExample 2022-07-31T19:49:51Z logger.go:66:       + metadata   = {
TestTerraformCompleteExample 2022-07-31T19:49:51Z logger.go:66:           + name      = "kafka"
TestTerraformCompleteExample 2022-07-31T19:49:51Z logger.go:66:           + namespace = "confluent"
TestTerraformCompleteExample 2022-07-31T19:49:51Z logger.go:66:         }
TestTerraformCompleteExample 2022-07-31T19:49:51Z logger.go:66:       + spec       = {
TestTerraformCompleteExample 2022-07-31T19:49:51Z logger.go:66:           + dataVolumeCapacity = "10Gi"
TestTerraformCompleteExample 2022-07-31T19:49:51Z logger.go:66:           + image              = {
TestTerraformCompleteExample 2022-07-31T19:49:51Z logger.go:66:               + application = "confluentinc/cp-server:7.2.0"
TestTerraformCompleteExample 2022-07-31T19:49:51Z logger.go:66:               + init        = "confluentinc/confluent-init-container:2.4.0"
TestTerraformCompleteExample 2022-07-31T19:49:51Z logger.go:66:             }
TestTerraformCompleteExample 2022-07-31T19:49:51Z logger.go:66:           + metricReporter     = {
TestTerraformCompleteExample 2022-07-31T19:49:51Z logger.go:66:               + enabled = true
TestTerraformCompleteExample 2022-07-31T19:49:51Z logger.go:66:             }
TestTerraformCompleteExample 2022-07-31T19:49:51Z logger.go:66:           + replicas           = "3"
TestTerraformCompleteExample 2022-07-31T19:49:51Z logger.go:66:         }
TestTerraformCompleteExample 2022-07-31T19:49:51Z logger.go:66:     }
TestTerraformCompleteExample 2022-07-31T19:49:51Z logger.go:66:   + kafka_topics       = [
TestTerraformCompleteExample 2022-07-31T19:49:51Z logger.go:66:       + {
TestTerraformCompleteExample 2022-07-31T19:49:51Z logger.go:66:           + my-other-topic = {
TestTerraformCompleteExample 2022-07-31T19:49:51Z logger.go:66:               + manifest = {
TestTerraformCompleteExample 2022-07-31T19:49:51Z logger.go:66:                   + apiVersion = "platform.confluent.io/v1beta1"
TestTerraformCompleteExample 2022-07-31T19:49:51Z logger.go:66:                   + kind       = "KafkaTopic"
TestTerraformCompleteExample 2022-07-31T19:49:51Z logger.go:66:                   + metadata   = {
TestTerraformCompleteExample 2022-07-31T19:49:51Z logger.go:66:                       + name      = "my-other-topic"
TestTerraformCompleteExample 2022-07-31T19:49:51Z logger.go:66:                       + namespace = "confluent"
TestTerraformCompleteExample 2022-07-31T19:49:51Z logger.go:66:                     }
TestTerraformCompleteExample 2022-07-31T19:49:51Z logger.go:66:                   + spec       = {
TestTerraformCompleteExample 2022-07-31T19:49:51Z logger.go:66:                       + configs        = {
TestTerraformCompleteExample 2022-07-31T19:49:51Z logger.go:66:                           + "cleanup.policy" = "delete"
TestTerraformCompleteExample 2022-07-31T19:49:51Z logger.go:66:                         }
TestTerraformCompleteExample 2022-07-31T19:49:51Z logger.go:66:                       + partitionCount = 3
TestTerraformCompleteExample 2022-07-31T19:49:51Z logger.go:66:                       + replicas       = 3
TestTerraformCompleteExample 2022-07-31T19:49:51Z logger.go:66:                     }
TestTerraformCompleteExample 2022-07-31T19:49:51Z logger.go:66:                 }
TestTerraformCompleteExample 2022-07-31T19:49:51Z logger.go:66:             }
TestTerraformCompleteExample 2022-07-31T19:49:51Z logger.go:66:           + my-topic       = {
TestTerraformCompleteExample 2022-07-31T19:49:51Z logger.go:66:               + manifest = {
TestTerraformCompleteExample 2022-07-31T19:49:51Z logger.go:66:                   + apiVersion = "platform.confluent.io/v1beta1"
TestTerraformCompleteExample 2022-07-31T19:49:51Z logger.go:66:                   + kind       = "KafkaTopic"
TestTerraformCompleteExample 2022-07-31T19:49:51Z logger.go:66:                   + metadata   = {
TestTerraformCompleteExample 2022-07-31T19:49:51Z logger.go:66:                       + name      = "my-topic"
TestTerraformCompleteExample 2022-07-31T19:49:51Z logger.go:66:                       + namespace = "confluent"
TestTerraformCompleteExample 2022-07-31T19:49:51Z logger.go:66:                     }
TestTerraformCompleteExample 2022-07-31T19:49:51Z logger.go:66:                   + spec       = {
TestTerraformCompleteExample 2022-07-31T19:49:51Z logger.go:66:                       + configs        = {
TestTerraformCompleteExample 2022-07-31T19:49:51Z logger.go:66:                           + "cleanup.policy" = "delete"
TestTerraformCompleteExample 2022-07-31T19:49:51Z logger.go:66:                         }
TestTerraformCompleteExample 2022-07-31T19:49:51Z logger.go:66:                       + partitionCount = 3
TestTerraformCompleteExample 2022-07-31T19:49:51Z logger.go:66:                       + replicas       = 3
TestTerraformCompleteExample 2022-07-31T19:49:51Z logger.go:66:                     }
TestTerraformCompleteExample 2022-07-31T19:49:51Z logger.go:66:                 }
TestTerraformCompleteExample 2022-07-31T19:49:51Z logger.go:66:             }
TestTerraformCompleteExample 2022-07-31T19:49:51Z logger.go:66:         },
TestTerraformCompleteExample 2022-07-31T19:49:51Z logger.go:66:     ]
TestTerraformCompleteExample 2022-07-31T19:49:51Z logger.go:66:   + namespace          = "confluent"
TestTerraformCompleteExample 2022-07-31T19:49:51Z logger.go:66:   + zookeeper          = {
TestTerraformCompleteExample 2022-07-31T19:49:51Z logger.go:66:       + apiVersion = "platform.confluent.io/v1beta1"
TestTerraformCompleteExample 2022-07-31T19:49:51Z logger.go:66:       + kind       = "Zookeeper"
TestTerraformCompleteExample 2022-07-31T19:49:51Z logger.go:66:       + metadata   = {
TestTerraformCompleteExample 2022-07-31T19:49:51Z logger.go:66:           + name      = "zookeeper"
TestTerraformCompleteExample 2022-07-31T19:49:51Z logger.go:66:           + namespace = "confluent"
TestTerraformCompleteExample 2022-07-31T19:49:51Z logger.go:66:         }
TestTerraformCompleteExample 2022-07-31T19:49:51Z logger.go:66:       + spec       = {
TestTerraformCompleteExample 2022-07-31T19:49:51Z logger.go:66:           + dataVolumeCapacity = "10Gi"
TestTerraformCompleteExample 2022-07-31T19:49:51Z logger.go:66:           + image              = {
TestTerraformCompleteExample 2022-07-31T19:49:51Z logger.go:66:               + application = "confluentinc/cp-zookeeper:7.2.0"
TestTerraformCompleteExample 2022-07-31T19:49:51Z logger.go:66:               + init        = "confluentinc/confluent-init-container:2.4.0"
TestTerraformCompleteExample 2022-07-31T19:49:51Z logger.go:66:             }
TestTerraformCompleteExample 2022-07-31T19:49:51Z logger.go:66:           + logVolumeCapacity  = "10Gi"
TestTerraformCompleteExample 2022-07-31T19:49:51Z logger.go:66:           + replicas           = "3"
TestTerraformCompleteExample 2022-07-31T19:49:51Z logger.go:66:         }
TestTerraformCompleteExample 2022-07-31T19:49:51Z logger.go:66:     }
TestTerraformCompleteExample 2022-07-31T19:49:52Z logger.go:66: module.confluent_platform.module.confluent_operator[0].kubernetes_namespace_v1.namespace[0]: Creating...
TestTerraformCompleteExample 2022-07-31T19:49:52Z logger.go:66: module.confluent_platform.module.confluent_operator[0].kubernetes_namespace_v1.namespace[0]: Creation complete after 0s [id=confluent]
TestTerraformCompleteExample 2022-07-31T19:49:52Z logger.go:66: module.confluent_platform.module.confluent_operator[0].helm_release.confluent_operator[0]: Creating...
TestTerraformCompleteExample 2022-07-31T19:49:59Z logger.go:66: module.confluent_platform.module.confluent_operator[0].helm_release.confluent_operator[0]: Creation complete after 6s [id=confluent-operator]
TestTerraformCompleteExample 2022-07-31T19:50:01Z logger.go:66: module.confluent_platform.kubernetes_manifest.components["zookeeper"]: Creating...
TestTerraformCompleteExample 2022-07-31T19:50:01Z logger.go:66: module.confluent_platform.kubernetes_manifest.components["kafka"]: Creating...
TestTerraformCompleteExample 2022-07-31T19:50:11Z logger.go:66: module.confluent_platform.kubernetes_manifest.components["zookeeper"]: Still creating... [10s elapsed]
TestTerraformCompleteExample 2022-07-31T19:50:11Z logger.go:66: module.confluent_platform.kubernetes_manifest.components["kafka"]: Still creating... [10s elapsed]
TestTerraformCompleteExample 2022-07-31T19:50:21Z logger.go:66: module.confluent_platform.kubernetes_manifest.components["zookeeper"]: Still creating... [20s elapsed]
TestTerraformCompleteExample 2022-07-31T19:50:21Z logger.go:66: module.confluent_platform.kubernetes_manifest.components["kafka"]: Still creating... [20s elapsed]
TestTerraformCompleteExample 2022-07-31T19:50:31Z logger.go:66: module.confluent_platform.kubernetes_manifest.components["zookeeper"]: Still creating... [30s elapsed]
TestTerraformCompleteExample 2022-07-31T19:50:31Z logger.go:66: module.confluent_platform.kubernetes_manifest.components["kafka"]: Still creating... [30s elapsed]
TestTerraformCompleteExample 2022-07-31T19:50:41Z logger.go:66: module.confluent_platform.kubernetes_manifest.components["zookeeper"]: Still creating... [40s elapsed]
TestTerraformCompleteExample 2022-07-31T19:50:41Z logger.go:66: module.confluent_platform.kubernetes_manifest.components["kafka"]: Still creating... [40s elapsed]
TestTerraformCompleteExample 2022-07-31T19:50:46Z logger.go:66: module.confluent_platform.kubernetes_manifest.components["zookeeper"]: Creation complete after 45s
TestTerraformCompleteExample 2022-07-31T19:50:51Z logger.go:66: module.confluent_platform.kubernetes_manifest.components["kafka"]: Still creating... [50s elapsed]
TestTerraformCompleteExample 2022-07-31T19:51:01Z logger.go:66: module.confluent_platform.kubernetes_manifest.components["kafka"]: Still creating... [1m0s elapsed]
TestTerraformCompleteExample 2022-07-31T19:51:11Z logger.go:66: module.confluent_platform.kubernetes_manifest.components["kafka"]: Still creating... [1m10s elapsed]
TestTerraformCompleteExample 2022-07-31T19:51:21Z logger.go:66: module.confluent_platform.kubernetes_manifest.components["kafka"]: Still creating... [1m20s elapsed]
TestTerraformCompleteExample 2022-07-31T19:51:30Z logger.go:66: module.confluent_platform.kubernetes_manifest.components["kafka"]: Creation complete after 1m30s
TestTerraformCompleteExample 2022-07-31T19:51:31Z logger.go:66: module.confluent_platform.module.kafka_topics["my-topic"].kubernetes_manifest.topic: Creating...
TestTerraformCompleteExample 2022-07-31T19:51:31Z logger.go:66: module.confluent_platform.module.kafka_topics["my-other-topic"].kubernetes_manifest.topic: Creating...
TestTerraformCompleteExample 2022-07-31T19:51:32Z logger.go:66: module.confluent_platform.module.kafka_topics["my-topic"].kubernetes_manifest.topic: Creation complete after 2s
TestTerraformCompleteExample 2022-07-31T19:51:34Z logger.go:66: module.confluent_platform.module.kafka_topics["my-other-topic"].kubernetes_manifest.topic: Creation complete after 3s
TestTerraformCompleteExample 2022-07-31T19:51:34Z logger.go:66:
TestTerraformCompleteExample 2022-07-31T19:51:34Z logger.go:66: Apply complete! Resources: 6 added, 0 changed, 0 destroyed.
TestTerraformCompleteExample 2022-07-31T19:51:34Z logger.go:66:
TestTerraformCompleteExample 2022-07-31T19:51:34Z logger.go:66: Outputs:
TestTerraformCompleteExample 2022-07-31T19:51:34Z logger.go:66:
TestTerraformCompleteExample 2022-07-31T19:51:34Z logger.go:66: confluent_operator = {
TestTerraformCompleteExample 2022-07-31T19:51:34Z logger.go:66:   "app_version" = "2.4.0"
TestTerraformCompleteExample 2022-07-31T19:51:34Z logger.go:66:   "chart_version" = "0.517.12"
TestTerraformCompleteExample 2022-07-31T19:51:34Z logger.go:66:   "namespace" = "confluent"
TestTerraformCompleteExample 2022-07-31T19:51:34Z logger.go:66: }
TestTerraformCompleteExample 2022-07-31T19:51:34Z logger.go:66: kafka = {
TestTerraformCompleteExample 2022-07-31T19:51:34Z logger.go:66:   "apiVersion" = "platform.confluent.io/v1beta1"
TestTerraformCompleteExample 2022-07-31T19:51:34Z logger.go:66:   "kind" = "Kafka"
TestTerraformCompleteExample 2022-07-31T19:51:34Z logger.go:66:   "metadata" = {
TestTerraformCompleteExample 2022-07-31T19:51:34Z logger.go:66:     "name" = "kafka"
TestTerraformCompleteExample 2022-07-31T19:51:34Z logger.go:66:     "namespace" = "confluent"
TestTerraformCompleteExample 2022-07-31T19:51:34Z logger.go:66:   }
TestTerraformCompleteExample 2022-07-31T19:51:34Z logger.go:66:   "spec" = {
TestTerraformCompleteExample 2022-07-31T19:51:34Z logger.go:66:     "dataVolumeCapacity" = "10Gi"
TestTerraformCompleteExample 2022-07-31T19:51:34Z logger.go:66:     "image" = {
TestTerraformCompleteExample 2022-07-31T19:51:34Z logger.go:66:       "application" = "confluentinc/cp-server:7.2.0"
TestTerraformCompleteExample 2022-07-31T19:51:34Z logger.go:66:       "init" = "confluentinc/confluent-init-container:2.4.0"
TestTerraformCompleteExample 2022-07-31T19:51:34Z logger.go:66:     }
TestTerraformCompleteExample 2022-07-31T19:51:34Z logger.go:66:     "metricReporter" = {
TestTerraformCompleteExample 2022-07-31T19:51:34Z logger.go:66:       "enabled" = true
TestTerraformCompleteExample 2022-07-31T19:51:34Z logger.go:66:     }
TestTerraformCompleteExample 2022-07-31T19:51:34Z logger.go:66:     "replicas" = "3"
TestTerraformCompleteExample 2022-07-31T19:51:34Z logger.go:66:   }
TestTerraformCompleteExample 2022-07-31T19:51:34Z logger.go:66: }
TestTerraformCompleteExample 2022-07-31T19:51:34Z logger.go:66: kafka_topics = [
TestTerraformCompleteExample 2022-07-31T19:51:34Z logger.go:66:   {
TestTerraformCompleteExample 2022-07-31T19:51:34Z logger.go:66:     "my-other-topic" = {
TestTerraformCompleteExample 2022-07-31T19:51:34Z logger.go:66:       "manifest" = {
TestTerraformCompleteExample 2022-07-31T19:51:34Z logger.go:66:         "apiVersion" = "platform.confluent.io/v1beta1"
TestTerraformCompleteExample 2022-07-31T19:51:34Z logger.go:66:         "kind" = "KafkaTopic"
TestTerraformCompleteExample 2022-07-31T19:51:34Z logger.go:66:         "metadata" = {
TestTerraformCompleteExample 2022-07-31T19:51:34Z logger.go:66:           "name" = "my-other-topic"
TestTerraformCompleteExample 2022-07-31T19:51:34Z logger.go:66:           "namespace" = "confluent"
TestTerraformCompleteExample 2022-07-31T19:51:34Z logger.go:66:         }
TestTerraformCompleteExample 2022-07-31T19:51:34Z logger.go:66:         "spec" = {
TestTerraformCompleteExample 2022-07-31T19:51:34Z logger.go:66:           "configs" = {
TestTerraformCompleteExample 2022-07-31T19:51:34Z logger.go:66:             "cleanup.policy" = "delete"
TestTerraformCompleteExample 2022-07-31T19:51:34Z logger.go:66:           }
TestTerraformCompleteExample 2022-07-31T19:51:34Z logger.go:66:           "partitionCount" = 3
TestTerraformCompleteExample 2022-07-31T19:51:34Z logger.go:66:           "replicas" = 3
TestTerraformCompleteExample 2022-07-31T19:51:34Z logger.go:66:         }
TestTerraformCompleteExample 2022-07-31T19:51:34Z logger.go:66:       }
TestTerraformCompleteExample 2022-07-31T19:51:34Z logger.go:66:     }
TestTerraformCompleteExample 2022-07-31T19:51:34Z logger.go:66:     "my-topic" = {
TestTerraformCompleteExample 2022-07-31T19:51:34Z logger.go:66:       "manifest" = {
TestTerraformCompleteExample 2022-07-31T19:51:34Z logger.go:66:         "apiVersion" = "platform.confluent.io/v1beta1"
TestTerraformCompleteExample 2022-07-31T19:51:34Z logger.go:66:         "kind" = "KafkaTopic"
TestTerraformCompleteExample 2022-07-31T19:51:34Z logger.go:66:         "metadata" = {
TestTerraformCompleteExample 2022-07-31T19:51:34Z logger.go:66:           "name" = "my-topic"
TestTerraformCompleteExample 2022-07-31T19:51:34Z logger.go:66:           "namespace" = "confluent"
TestTerraformCompleteExample 2022-07-31T19:51:34Z logger.go:66:         }
TestTerraformCompleteExample 2022-07-31T19:51:34Z logger.go:66:         "spec" = {
TestTerraformCompleteExample 2022-07-31T19:51:34Z logger.go:66:           "configs" = {
TestTerraformCompleteExample 2022-07-31T19:51:34Z logger.go:66:             "cleanup.policy" = "delete"
TestTerraformCompleteExample 2022-07-31T19:51:34Z logger.go:66:           }
TestTerraformCompleteExample 2022-07-31T19:51:34Z logger.go:66:           "partitionCount" = 3
TestTerraformCompleteExample 2022-07-31T19:51:34Z logger.go:66:           "replicas" = 3
TestTerraformCompleteExample 2022-07-31T19:51:34Z logger.go:66:         }
TestTerraformCompleteExample 2022-07-31T19:51:34Z logger.go:66:       }
TestTerraformCompleteExample 2022-07-31T19:51:34Z logger.go:66:     }
TestTerraformCompleteExample 2022-07-31T19:51:34Z logger.go:66:   },
TestTerraformCompleteExample 2022-07-31T19:51:34Z logger.go:66: ]
TestTerraformCompleteExample 2022-07-31T19:51:34Z logger.go:66: namespace = "confluent"
TestTerraformCompleteExample 2022-07-31T19:51:34Z logger.go:66: zookeeper = {
TestTerraformCompleteExample 2022-07-31T19:51:34Z logger.go:66:   "apiVersion" = "platform.confluent.io/v1beta1"
TestTerraformCompleteExample 2022-07-31T19:51:34Z logger.go:66:   "kind" = "Zookeeper"
TestTerraformCompleteExample 2022-07-31T19:51:34Z logger.go:66:   "metadata" = {
TestTerraformCompleteExample 2022-07-31T19:51:34Z logger.go:66:     "name" = "zookeeper"
TestTerraformCompleteExample 2022-07-31T19:51:34Z logger.go:66:     "namespace" = "confluent"
TestTerraformCompleteExample 2022-07-31T19:51:34Z logger.go:66:   }
TestTerraformCompleteExample 2022-07-31T19:51:34Z logger.go:66:   "spec" = {
TestTerraformCompleteExample 2022-07-31T19:51:34Z logger.go:66:     "dataVolumeCapacity" = "10Gi"
TestTerraformCompleteExample 2022-07-31T19:51:34Z logger.go:66:     "image" = {
TestTerraformCompleteExample 2022-07-31T19:51:34Z logger.go:66:       "application" = "confluentinc/cp-zookeeper:7.2.0"
TestTerraformCompleteExample 2022-07-31T19:51:34Z logger.go:66:       "init" = "confluentinc/confluent-init-container:2.4.0"
TestTerraformCompleteExample 2022-07-31T19:51:34Z logger.go:66:     }
TestTerraformCompleteExample 2022-07-31T19:51:34Z logger.go:66:     "logVolumeCapacity" = "10Gi"
TestTerraformCompleteExample 2022-07-31T19:51:34Z logger.go:66:     "replicas" = "3"
TestTerraformCompleteExample 2022-07-31T19:51:34Z logger.go:66:   }
TestTerraformCompleteExample 2022-07-31T19:51:34Z logger.go:66: }
TestTerraformCompleteExample 2022-07-31T19:51:34Z retry.go:91: terraform [output -no-color -json confluent_operator]
TestTerraformCompleteExample 2022-07-31T19:51:34Z logger.go:66: Running command terraform with args [output -no-color -json confluent_operator]
TestTerraformCompleteExample 2022-07-31T19:51:34Z logger.go:66: {"app_version":"2.4.0","chart_version":"0.517.12","namespace":"confluent"}
TestTerraformCompleteExample 2022-07-31T19:51:34Z retry.go:91: terraform [output -no-color -json zookeeper]
TestTerraformCompleteExample 2022-07-31T19:51:34Z logger.go:66: Running command terraform with args [output -no-color -json zookeeper]
TestTerraformCompleteExample 2022-07-31T19:51:35Z logger.go:66: {"apiVersion":"platform.confluent.io/v1beta1","kind":"Zookeeper","metadata":{"name":"zookeeper","namespace":"confluent"},"spec":{"dataVolumeCapacity":"10Gi","image":{"application":"confluentinc/cp-zookeeper:7.2.0","init":"confluentinc/confluent-init-container:2.4.0"},"logVolumeCapacity":"10Gi","replicas":"3"}}
TestTerraformCompleteExample 2022-07-31T19:51:35Z retry.go:91: terraform [output -no-color -json kafka]
TestTerraformCompleteExample 2022-07-31T19:51:35Z logger.go:66: Running command terraform with args [output -no-color -json kafka]
TestTerraformCompleteExample 2022-07-31T19:51:35Z logger.go:66: {"apiVersion":"platform.confluent.io/v1beta1","kind":"Kafka","metadata":{"name":"kafka","namespace":"confluent"},"spec":{"dataVolumeCapacity":"10Gi","image":{"application":"confluentinc/cp-server:7.2.0","init":"confluentinc/confluent-init-container:2.4.0"},"metricReporter":{"enabled":true},"replicas":"3"}}
TestTerraformCompleteExample 2022-07-31T19:51:35Z retry.go:91: terraform [output -no-color -json kafka_topics]
TestTerraformCompleteExample 2022-07-31T19:51:35Z logger.go:66: Running command terraform with args [output -no-color -json kafka_topics]
TestTerraformCompleteExample 2022-07-31T19:51:36Z logger.go:66: [{"my-other-topic":{"manifest":{"apiVersion":"platform.confluent.io/v1beta1","kind":"KafkaTopic","metadata":{"name":"my-other-topic","namespace":"confluent"},"spec":{"configs":{"cleanup.policy":"delete"},"partitionCount":3,"replicas":3}}},"my-topic":{"manifest":{"apiVersion":"platform.confluent.io/v1beta1","kind":"KafkaTopic","metadata":{"name":"my-topic","namespace":"confluent"},"spec":{"configs":{"cleanup.policy":"delete"},"partitionCount":3,"replicas":3}}}}]
TestTerraformCompleteExample 2022-07-31T19:51:36Z retry.go:91: terraform [destroy -auto-approve -input=false -no-color -lock=false]
TestTerraformCompleteExample 2022-07-31T19:51:36Z logger.go:66: Running command terraform with args [destroy -auto-approve -input=false -no-color -lock=false]
TestTerraformCompleteExample 2022-07-31T19:51:38Z logger.go:66: module.confluent_platform.module.confluent_operator[0].kubernetes_namespace_v1.namespace[0]: Refreshing state... [id=confluent]
TestTerraformCompleteExample 2022-07-31T19:51:38Z logger.go:66: module.confluent_platform.module.confluent_operator[0].helm_release.confluent_operator[0]: Refreshing state... [id=confluent-operator]
TestTerraformCompleteExample 2022-07-31T19:51:40Z logger.go:66: module.confluent_platform.kubernetes_manifest.components["zookeeper"]: Refreshing state...
TestTerraformCompleteExample 2022-07-31T19:51:41Z logger.go:66: module.confluent_platform.kubernetes_manifest.components["kafka"]: Refreshing state...
TestTerraformCompleteExample 2022-07-31T19:51:43Z logger.go:66: module.confluent_platform.module.kafka_topics["my-other-topic"].kubernetes_manifest.topic: Refreshing state...
TestTerraformCompleteExample 2022-07-31T19:51:43Z logger.go:66: module.confluent_platform.module.kafka_topics["my-topic"].kubernetes_manifest.topic: Refreshing state...
TestTerraformCompleteExample 2022-07-31T19:51:44Z logger.go:66:
TestTerraformCompleteExample 2022-07-31T19:51:44Z logger.go:66: Terraform used the selected providers to generate the following execution
TestTerraformCompleteExample 2022-07-31T19:51:44Z logger.go:66: plan. Resource actions are indicated with the following symbols:
TestTerraformCompleteExample 2022-07-31T19:51:44Z logger.go:66:   - destroy
TestTerraformCompleteExample 2022-07-31T19:51:44Z logger.go:66:
TestTerraformCompleteExample 2022-07-31T19:51:44Z logger.go:66: Terraform will perform the following actions:
TestTerraformCompleteExample 2022-07-31T19:51:44Z logger.go:66:
TestTerraformCompleteExample 2022-07-31T19:51:44Z logger.go:66:   # module.confluent_platform.kubernetes_manifest.components["kafka"] will be destroyed
TestTerraformCompleteExample 2022-07-31T19:51:44Z logger.go:66:   - resource "kubernetes_manifest" "components" {
TestTerraformCompleteExample 2022-07-31T19:51:44Z logger.go:66:       - computed_fields = [
TestTerraformCompleteExample 2022-07-31T19:51:44Z logger.go:66:           - "metadata.finalizers",
TestTerraformCompleteExample 2022-07-31T19:51:44Z logger.go:66:         ] -> null
TestTerraformCompleteExample 2022-07-31T19:51:44Z logger.go:66:       - manifest        = {
TestTerraformCompleteExample 2022-07-31T19:51:44Z logger.go:66:           - apiVersion = "platform.confluent.io/v1beta1"
TestTerraformCompleteExample 2022-07-31T19:51:44Z logger.go:66:           - kind       = "Kafka"
TestTerraformCompleteExample 2022-07-31T19:51:44Z logger.go:66:           - metadata   = {
TestTerraformCompleteExample 2022-07-31T19:51:44Z logger.go:66:               - name      = "kafka"
TestTerraformCompleteExample 2022-07-31T19:51:44Z logger.go:66:               - namespace = "confluent"
TestTerraformCompleteExample 2022-07-31T19:51:44Z logger.go:66:             }
TestTerraformCompleteExample 2022-07-31T19:51:44Z logger.go:66:           - spec       = {
TestTerraformCompleteExample 2022-07-31T19:51:44Z logger.go:66:               - dataVolumeCapacity = "10Gi"
TestTerraformCompleteExample 2022-07-31T19:51:44Z logger.go:66:               - image              = {
TestTerraformCompleteExample 2022-07-31T19:51:44Z logger.go:66:                   - application = "confluentinc/cp-server:7.2.0"
TestTerraformCompleteExample 2022-07-31T19:51:44Z logger.go:66:                   - init        = "confluentinc/confluent-init-container:2.4.0"
TestTerraformCompleteExample 2022-07-31T19:51:44Z logger.go:66:                 }
TestTerraformCompleteExample 2022-07-31T19:51:44Z logger.go:66:               - metricReporter     = {
TestTerraformCompleteExample 2022-07-31T19:51:44Z logger.go:66:                   - enabled = true
TestTerraformCompleteExample 2022-07-31T19:51:44Z logger.go:66:                 }
TestTerraformCompleteExample 2022-07-31T19:51:44Z logger.go:66:               - replicas           = "3"
TestTerraformCompleteExample 2022-07-31T19:51:44Z logger.go:66:             }
TestTerraformCompleteExample 2022-07-31T19:51:44Z logger.go:66:         } -> null
TestTerraformCompleteExample 2022-07-31T19:51:44Z logger.go:66:       - object          = {
TestTerraformCompleteExample 2022-07-31T19:51:44Z logger.go:66:           - apiVersion = "platform.confluent.io/v1beta1"
TestTerraformCompleteExample 2022-07-31T19:51:44Z logger.go:66:           - kind       = "Kafka"
TestTerraformCompleteExample 2022-07-31T19:51:44Z logger.go:66:           - metadata   = {
TestTerraformCompleteExample 2022-07-31T19:51:44Z logger.go:66:               - annotations                = {
TestTerraformCompleteExample 2022-07-31T19:51:44Z logger.go:66:                   - "platform.confluent.io/config-revision-hash"   = "t2bgf92bkh"
TestTerraformCompleteExample 2022-07-31T19:51:44Z logger.go:66:                   - "platform.confluent.io/last-pod-template-hash" = "c5dd99557"
TestTerraformCompleteExample 2022-07-31T19:51:44Z logger.go:66:                 }
TestTerraformCompleteExample 2022-07-31T19:51:44Z logger.go:66:               - clusterName                = null
TestTerraformCompleteExample 2022-07-31T19:51:44Z logger.go:66:               - creationTimestamp          = null
TestTerraformCompleteExample 2022-07-31T19:51:44Z logger.go:66:               - deletionGracePeriodSeconds = null
TestTerraformCompleteExample 2022-07-31T19:51:44Z logger.go:66:               - deletionTimestamp          = null
TestTerraformCompleteExample 2022-07-31T19:51:44Z logger.go:66:               - finalizers                 = [
TestTerraformCompleteExample 2022-07-31T19:51:44Z logger.go:66:                   - "kafka.finalizers.platform.confluent.io",
TestTerraformCompleteExample 2022-07-31T19:51:44Z logger.go:66:                 ]
TestTerraformCompleteExample 2022-07-31T19:51:44Z logger.go:66:               - generateName               = null
TestTerraformCompleteExample 2022-07-31T19:51:44Z logger.go:66:               - generation                 = null
TestTerraformCompleteExample 2022-07-31T19:51:44Z logger.go:66:               - labels                     = null
TestTerraformCompleteExample 2022-07-31T19:51:44Z logger.go:66:               - managedFields              = null
TestTerraformCompleteExample 2022-07-31T19:51:44Z logger.go:66:               - name                       = "kafka"
TestTerraformCompleteExample 2022-07-31T19:51:44Z logger.go:66:               - namespace                  = "confluent"
TestTerraformCompleteExample 2022-07-31T19:51:44Z logger.go:66:               - ownerReferences            = null
TestTerraformCompleteExample 2022-07-31T19:51:44Z logger.go:66:               - resourceVersion            = null
TestTerraformCompleteExample 2022-07-31T19:51:44Z logger.go:66:               - selfLink                   = null
TestTerraformCompleteExample 2022-07-31T19:51:44Z logger.go:66:               - uid                        = null
TestTerraformCompleteExample 2022-07-31T19:51:44Z logger.go:66:             }
TestTerraformCompleteExample 2022-07-31T19:51:44Z logger.go:66:           - spec       = {
TestTerraformCompleteExample 2022-07-31T19:51:44Z logger.go:66:               - authorization      = {
TestTerraformCompleteExample 2022-07-31T19:51:44Z logger.go:66:                   - superUsers = null
TestTerraformCompleteExample 2022-07-31T19:51:44Z logger.go:66:                   - type       = null
TestTerraformCompleteExample 2022-07-31T19:51:44Z logger.go:66:                 }
TestTerraformCompleteExample 2022-07-31T19:51:44Z logger.go:66:               - configOverrides    = {
TestTerraformCompleteExample 2022-07-31T19:51:44Z logger.go:66:                   - jvm    = null
TestTerraformCompleteExample 2022-07-31T19:51:44Z logger.go:66:                   - log4j  = null
TestTerraformCompleteExample 2022-07-31T19:51:44Z logger.go:66:                   - server = null
TestTerraformCompleteExample 2022-07-31T19:51:44Z logger.go:66:                 }
TestTerraformCompleteExample 2022-07-31T19:51:44Z logger.go:66:               - dataVolumeCapacity = "10Gi"
TestTerraformCompleteExample 2022-07-31T19:51:44Z logger.go:66:               - dependencies       = {
TestTerraformCompleteExample 2022-07-31T19:51:44Z logger.go:66:                   - kafkaRest      = {
TestTerraformCompleteExample 2022-07-31T19:51:44Z logger.go:66:                       - authentication    = {
TestTerraformCompleteExample 2022-07-31T19:51:44Z logger.go:66:                           - bearer                = {
TestTerraformCompleteExample 2022-07-31T19:51:44Z logger.go:66:                               - directoryPathInContainer = null
TestTerraformCompleteExample 2022-07-31T19:51:44Z logger.go:66:                               - secretRef                = null
TestTerraformCompleteExample 2022-07-31T19:51:44Z logger.go:66:                             }
TestTerraformCompleteExample 2022-07-31T19:51:44Z logger.go:66:                           - jaasConfig            = {
TestTerraformCompleteExample 2022-07-31T19:51:44Z logger.go:66:                               - secretRef = null
TestTerraformCompleteExample 2022-07-31T19:51:44Z logger.go:66:                             }
TestTerraformCompleteExample 2022-07-31T19:51:44Z logger.go:66:                           - jaasConfigPassThrough = {
TestTerraformCompleteExample 2022-07-31T19:51:44Z logger.go:66:                               - directoryPathInContainer = null
TestTerraformCompleteExample 2022-07-31T19:51:44Z logger.go:66:                               - secretRef                = null
TestTerraformCompleteExample 2022-07-31T19:51:44Z logger.go:66:                             }
TestTerraformCompleteExample 2022-07-31T19:51:44Z logger.go:66:                           - oauthbearer           = {
TestTerraformCompleteExample 2022-07-31T19:51:44Z logger.go:66:                               - directoryPathInContainer = null
TestTerraformCompleteExample 2022-07-31T19:51:44Z logger.go:66:                               - secretRef                = null
TestTerraformCompleteExample 2022-07-31T19:51:44Z logger.go:66:                             }
TestTerraformCompleteExample 2022-07-31T19:51:44Z logger.go:66:                           - type                  = null
TestTerraformCompleteExample 2022-07-31T19:51:44Z logger.go:66:                         }
TestTerraformCompleteExample 2022-07-31T19:51:44Z logger.go:66:                       - bootstrapEndpoint = null
TestTerraformCompleteExample 2022-07-31T19:51:44Z logger.go:66:                       - endpoint          = null
TestTerraformCompleteExample 2022-07-31T19:51:44Z logger.go:66:                       - tls               = {
TestTerraformCompleteExample 2022-07-31T19:51:44Z logger.go:66:                           - directoryPathInContainer = null
TestTerraformCompleteExample 2022-07-31T19:51:44Z logger.go:66:                           - enabled                  = null
TestTerraformCompleteExample 2022-07-31T19:51:44Z logger.go:66:                           - ignoreTrustStoreConfig   = null
TestTerraformCompleteExample 2022-07-31T19:51:44Z logger.go:66:                           - jksPassword              = {
TestTerraformCompleteExample 2022-07-31T19:51:44Z logger.go:66:                               - secretRef = null
TestTerraformCompleteExample 2022-07-31T19:51:44Z logger.go:66:                             }
TestTerraformCompleteExample 2022-07-31T19:51:44Z logger.go:66:                           - secretRef                = null
TestTerraformCompleteExample 2022-07-31T19:51:44Z logger.go:66:                         }
TestTerraformCompleteExample 2022-07-31T19:51:44Z logger.go:66:                     }
TestTerraformCompleteExample 2022-07-31T19:51:44Z logger.go:66:                   - mds            = {
TestTerraformCompleteExample 2022-07-31T19:51:44Z logger.go:66:                       - endpoint     = null
TestTerraformCompleteExample 2022-07-31T19:51:44Z logger.go:66:                       - kafka        = {
TestTerraformCompleteExample 2022-07-31T19:51:44Z logger.go:66:                           - authentication    = {
TestTerraformCompleteExample 2022-07-31T19:51:44Z logger.go:66:                               - jaasConfig            = {
TestTerraformCompleteExample 2022-07-31T19:51:44Z logger.go:66:                                   - secretRef = null
TestTerraformCompleteExample 2022-07-31T19:51:44Z logger.go:66:                                 }
TestTerraformCompleteExample 2022-07-31T19:51:44Z logger.go:66:                               - jaasConfigPassThrough = {
TestTerraformCompleteExample 2022-07-31T19:51:44Z logger.go:66:                                   - directoryPathInContainer = null
TestTerraformCompleteExample 2022-07-31T19:51:44Z logger.go:66:                                   - secretRef                = null
TestTerraformCompleteExample 2022-07-31T19:51:44Z logger.go:66:                                 }
TestTerraformCompleteExample 2022-07-31T19:51:44Z logger.go:66:                               - oauthbearer           = {
TestTerraformCompleteExample 2022-07-31T19:51:44Z logger.go:66:                                   - directoryPathInContainer = null
TestTerraformCompleteExample 2022-07-31T19:51:44Z logger.go:66:                                   - secretRef                = null
TestTerraformCompleteExample 2022-07-31T19:51:44Z logger.go:66:                                 }
TestTerraformCompleteExample 2022-07-31T19:51:44Z logger.go:66:                               - type                  = null
TestTerraformCompleteExample 2022-07-31T19:51:44Z logger.go:66:                             }
TestTerraformCompleteExample 2022-07-31T19:51:44Z logger.go:66:                           - bootstrapEndpoint = null
TestTerraformCompleteExample 2022-07-31T19:51:44Z logger.go:66:                           - discovery         = {
TestTerraformCompleteExample 2022-07-31T19:51:44Z logger.go:66:                               - name      = null
TestTerraformCompleteExample 2022-07-31T19:51:44Z logger.go:66:                               - namespace = null
TestTerraformCompleteExample 2022-07-31T19:51:44Z logger.go:66:                               - secretRef = null
TestTerraformCompleteExample 2022-07-31T19:51:44Z logger.go:66:                             }
TestTerraformCompleteExample 2022-07-31T19:51:44Z logger.go:66:                           - tls               = {
TestTerraformCompleteExample 2022-07-31T19:51:44Z logger.go:66:                               - directoryPathInContainer = null
TestTerraformCompleteExample 2022-07-31T19:51:44Z logger.go:66:                               - enabled                  = null
TestTerraformCompleteExample 2022-07-31T19:51:44Z logger.go:66:                               - ignoreTrustStoreConfig   = null
TestTerraformCompleteExample 2022-07-31T19:51:44Z logger.go:66:                               - jksPassword              = {
TestTerraformCompleteExample 2022-07-31T19:51:44Z logger.go:66:                                   - secretRef = null
TestTerraformCompleteExample 2022-07-31T19:51:44Z logger.go:66:                                 }
TestTerraformCompleteExample 2022-07-31T19:51:44Z logger.go:66:                               - secretRef                = null
TestTerraformCompleteExample 2022-07-31T19:51:44Z logger.go:66:                             }
TestTerraformCompleteExample 2022-07-31T19:51:44Z logger.go:66:                         }
TestTerraformCompleteExample 2022-07-31T19:51:44Z logger.go:66:                       - tls          = {
TestTerraformCompleteExample 2022-07-31T19:51:44Z logger.go:66:                           - directoryPathInContainer = null
TestTerraformCompleteExample 2022-07-31T19:51:44Z logger.go:66:                           - enabled                  = null
TestTerraformCompleteExample 2022-07-31T19:51:44Z logger.go:66:                           - ignoreTrustStoreConfig   = null
TestTerraformCompleteExample 2022-07-31T19:51:44Z logger.go:66:                           - jksPassword              = {
TestTerraformCompleteExample 2022-07-31T19:51:44Z logger.go:66:                               - secretRef = null
TestTerraformCompleteExample 2022-07-31T19:51:44Z logger.go:66:                             }
TestTerraformCompleteExample 2022-07-31T19:51:44Z logger.go:66:                           - secretRef                = null
TestTerraformCompleteExample 2022-07-31T19:51:44Z logger.go:66:                         }
TestTerraformCompleteExample 2022-07-31T19:51:44Z logger.go:66:                       - tokenKeyPair = {
TestTerraformCompleteExample 2022-07-31T19:51:44Z logger.go:66:                           - directoryPathInContainer = null
TestTerraformCompleteExample 2022-07-31T19:51:44Z logger.go:66:                           - secretRef                = null
TestTerraformCompleteExample 2022-07-31T19:51:44Z logger.go:66:                         }
TestTerraformCompleteExample 2022-07-31T19:51:44Z logger.go:66:                     }
TestTerraformCompleteExample 2022-07-31T19:51:44Z logger.go:66:                   - schemaRegistry = {
TestTerraformCompleteExample 2022-07-31T19:51:44Z logger.go:66:                       - authentication = {
TestTerraformCompleteExample 2022-07-31T19:51:44Z logger.go:66:                           - basic = {
TestTerraformCompleteExample 2022-07-31T19:51:44Z logger.go:66:                               - debug                    = null
TestTerraformCompleteExample 2022-07-31T19:51:44Z logger.go:66:                               - directoryPathInContainer = null
TestTerraformCompleteExample 2022-07-31T19:51:44Z logger.go:66:                               - restrictedRoles          = null
TestTerraformCompleteExample 2022-07-31T19:51:44Z logger.go:66:                               - roles                    = null
TestTerraformCompleteExample 2022-07-31T19:51:44Z logger.go:66:                               - secretRef                = null
TestTerraformCompleteExample 2022-07-31T19:51:44Z logger.go:66:                             }
TestTerraformCompleteExample 2022-07-31T19:51:44Z logger.go:66:                           - type  = null
TestTerraformCompleteExample 2022-07-31T19:51:44Z logger.go:66:                         }
TestTerraformCompleteExample 2022-07-31T19:51:44Z logger.go:66:                       - tls            = {
TestTerraformCompleteExample 2022-07-31T19:51:44Z logger.go:66:                           - directoryPathInContainer = null
TestTerraformCompleteExample 2022-07-31T19:51:44Z logger.go:66:                           - enabled                  = null
TestTerraformCompleteExample 2022-07-31T19:51:44Z logger.go:66:                           - ignoreTrustStoreConfig   = null
TestTerraformCompleteExample 2022-07-31T19:51:44Z logger.go:66:                           - jksPassword              = {
TestTerraformCompleteExample 2022-07-31T19:51:44Z logger.go:66:                               - secretRef = null
TestTerraformCompleteExample 2022-07-31T19:51:44Z logger.go:66:                             }
TestTerraformCompleteExample 2022-07-31T19:51:44Z logger.go:66:                           - secretRef                = null
TestTerraformCompleteExample 2022-07-31T19:51:44Z logger.go:66:                         }
TestTerraformCompleteExample 2022-07-31T19:51:44Z logger.go:66:                       - url            = null
TestTerraformCompleteExample 2022-07-31T19:51:44Z logger.go:66:                     }
TestTerraformCompleteExample 2022-07-31T19:51:44Z logger.go:66:                   - zookeeper      = {
TestTerraformCompleteExample 2022-07-31T19:51:44Z logger.go:66:                       - authentication = {
TestTerraformCompleteExample 2022-07-31T19:51:44Z logger.go:66:                           - jaasConfig            = {
TestTerraformCompleteExample 2022-07-31T19:51:44Z logger.go:66:                               - secretRef = null
TestTerraformCompleteExample 2022-07-31T19:51:44Z logger.go:66:                             }
TestTerraformCompleteExample 2022-07-31T19:51:44Z logger.go:66:                           - jaasConfigPassThrough = {
TestTerraformCompleteExample 2022-07-31T19:51:44Z logger.go:66:                               - directoryPathInContainer = null
TestTerraformCompleteExample 2022-07-31T19:51:44Z logger.go:66:                               - secretRef                = null
TestTerraformCompleteExample 2022-07-31T19:51:44Z logger.go:66:                             }
TestTerraformCompleteExample 2022-07-31T19:51:44Z logger.go:66:                           - oauthbearer           = {
TestTerraformCompleteExample 2022-07-31T19:51:44Z logger.go:66:                               - directoryPathInContainer = null
TestTerraformCompleteExample 2022-07-31T19:51:44Z logger.go:66:                               - secretRef                = null
TestTerraformCompleteExample 2022-07-31T19:51:44Z logger.go:66:                             }
TestTerraformCompleteExample 2022-07-31T19:51:44Z logger.go:66:                           - type                  = null
TestTerraformCompleteExample 2022-07-31T19:51:44Z logger.go:66:                         }
TestTerraformCompleteExample 2022-07-31T19:51:44Z logger.go:66:                       - discovery      = {
TestTerraformCompleteExample 2022-07-31T19:51:44Z logger.go:66:                           - name      = null
TestTerraformCompleteExample 2022-07-31T19:51:44Z logger.go:66:                           - namespace = null
TestTerraformCompleteExample 2022-07-31T19:51:44Z logger.go:66:                           - secretRef = null
TestTerraformCompleteExample 2022-07-31T19:51:44Z logger.go:66:                         }
TestTerraformCompleteExample 2022-07-31T19:51:44Z logger.go:66:                       - endpoint       = null
TestTerraformCompleteExample 2022-07-31T19:51:44Z logger.go:66:                       - tls            = {
TestTerraformCompleteExample 2022-07-31T19:51:44Z logger.go:66:                           - directoryPathInContainer = null
TestTerraformCompleteExample 2022-07-31T19:51:44Z logger.go:66:                           - enabled                  = null
TestTerraformCompleteExample 2022-07-31T19:51:44Z logger.go:66:                           - ignoreTrustStoreConfig   = null
TestTerraformCompleteExample 2022-07-31T19:51:44Z logger.go:66:                           - jksPassword              = {
TestTerraformCompleteExample 2022-07-31T19:51:44Z logger.go:66:                               - secretRef = null
TestTerraformCompleteExample 2022-07-31T19:51:44Z logger.go:66:                             }
TestTerraformCompleteExample 2022-07-31T19:51:44Z logger.go:66:                           - secretRef                = null
TestTerraformCompleteExample 2022-07-31T19:51:44Z logger.go:66:                         }
TestTerraformCompleteExample 2022-07-31T19:51:44Z logger.go:66:                     }
TestTerraformCompleteExample 2022-07-31T19:51:44Z logger.go:66:                 }
TestTerraformCompleteExample 2022-07-31T19:51:44Z logger.go:66:               - headlessService    = {
TestTerraformCompleteExample 2022-07-31T19:51:44Z logger.go:66:                   - annotations              = null
TestTerraformCompleteExample 2022-07-31T19:51:44Z logger.go:66:                   - labels                   = null
TestTerraformCompleteExample 2022-07-31T19:51:44Z logger.go:66:                   - publishNotReadyAddresses = null
TestTerraformCompleteExample 2022-07-31T19:51:44Z logger.go:66:                 }
TestTerraformCompleteExample 2022-07-31T19:51:44Z logger.go:66:               - identityProvider   = {
TestTerraformCompleteExample 2022-07-31T19:51:44Z logger.go:66:                   - ldap = {
TestTerraformCompleteExample 2022-07-31T19:51:44Z logger.go:66:                       - address        = null
TestTerraformCompleteExample 2022-07-31T19:51:44Z logger.go:66:                       - authentication = {
TestTerraformCompleteExample 2022-07-31T19:51:44Z logger.go:66:                           - simple = {
TestTerraformCompleteExample 2022-07-31T19:51:44Z logger.go:66:                               - directoryPathInContainer = null
TestTerraformCompleteExample 2022-07-31T19:51:44Z logger.go:66:                               - secretRef                = null
TestTerraformCompleteExample 2022-07-31T19:51:44Z logger.go:66:                             }
TestTerraformCompleteExample 2022-07-31T19:51:44Z logger.go:66:                           - type   = null
TestTerraformCompleteExample 2022-07-31T19:51:44Z logger.go:66:                         }
TestTerraformCompleteExample 2022-07-31T19:51:44Z logger.go:66:                       - configurations = {
TestTerraformCompleteExample 2022-07-31T19:51:44Z logger.go:66:                           - groupMemberAttribute         = null
TestTerraformCompleteExample 2022-07-31T19:51:44Z logger.go:66:                           - groupMemberAttributePattern  = null
TestTerraformCompleteExample 2022-07-31T19:51:44Z logger.go:66:                           - groupNameAttribute           = null
TestTerraformCompleteExample 2022-07-31T19:51:44Z logger.go:66:                           - groupObjectClass             = null
TestTerraformCompleteExample 2022-07-31T19:51:44Z logger.go:66:                           - groupSearchBase              = null
TestTerraformCompleteExample 2022-07-31T19:51:44Z logger.go:66:                           - groupSearchFilter            = null
TestTerraformCompleteExample 2022-07-31T19:51:44Z logger.go:66:                           - groupSearchScope             = null
TestTerraformCompleteExample 2022-07-31T19:51:44Z logger.go:66:                           - userMemberOfAttributePattern = null
TestTerraformCompleteExample 2022-07-31T19:51:44Z logger.go:66:                           - userNameAttribute            = null
TestTerraformCompleteExample 2022-07-31T19:51:44Z logger.go:66:                           - userObjectClass              = null
TestTerraformCompleteExample 2022-07-31T19:51:44Z logger.go:66:                           - userSearchBase               = null
TestTerraformCompleteExample 2022-07-31T19:51:44Z logger.go:66:                           - userSearchFilter             = null
TestTerraformCompleteExample 2022-07-31T19:51:44Z logger.go:66:                           - userSearchScope              = null
TestTerraformCompleteExample 2022-07-31T19:51:44Z logger.go:66:                         }
TestTerraformCompleteExample 2022-07-31T19:51:44Z logger.go:66:                       - tls            = {
TestTerraformCompleteExample 2022-07-31T19:51:44Z logger.go:66:                           - directoryPathInContainer = null
TestTerraformCompleteExample 2022-07-31T19:51:44Z logger.go:66:                           - enabled                  = null
TestTerraformCompleteExample 2022-07-31T19:51:44Z logger.go:66:                           - ignoreTrustStoreConfig   = null
TestTerraformCompleteExample 2022-07-31T19:51:44Z logger.go:66:                           - jksPassword              = {
TestTerraformCompleteExample 2022-07-31T19:51:44Z logger.go:66:                               - secretRef = null
TestTerraformCompleteExample 2022-07-31T19:51:44Z logger.go:66:                             }
TestTerraformCompleteExample 2022-07-31T19:51:44Z logger.go:66:                           - secretRef                = null
TestTerraformCompleteExample 2022-07-31T19:51:44Z logger.go:66:                         }
TestTerraformCompleteExample 2022-07-31T19:51:44Z logger.go:66:                     }
TestTerraformCompleteExample 2022-07-31T19:51:44Z logger.go:66:                   - type = null
TestTerraformCompleteExample 2022-07-31T19:51:44Z logger.go:66:                 }
TestTerraformCompleteExample 2022-07-31T19:51:44Z logger.go:66:               - image              = {
TestTerraformCompleteExample 2022-07-31T19:51:44Z logger.go:66:                   - application   = "confluentinc/cp-server:7.2.0"
TestTerraformCompleteExample 2022-07-31T19:51:44Z logger.go:66:                   - init          = "confluentinc/confluent-init-container:2.4.0"
TestTerraformCompleteExample 2022-07-31T19:51:44Z logger.go:66:                   - pullPolicy    = null
TestTerraformCompleteExample 2022-07-31T19:51:44Z logger.go:66:                   - pullSecretRef = null
TestTerraformCompleteExample 2022-07-31T19:51:44Z logger.go:66:                 }
TestTerraformCompleteExample 2022-07-31T19:51:44Z logger.go:66:               - injectAnnotations  = null
TestTerraformCompleteExample 2022-07-31T19:51:44Z logger.go:66:               - injectLabels       = null
TestTerraformCompleteExample 2022-07-31T19:51:44Z logger.go:66:               - k8sClusterDomain   = null
TestTerraformCompleteExample 2022-07-31T19:51:44Z logger.go:66:               - license            = {
TestTerraformCompleteExample 2022-07-31T19:51:44Z logger.go:66:                   - directoryPathInContainer = null
TestTerraformCompleteExample 2022-07-31T19:51:44Z logger.go:66:                   - globalLicense            = null
TestTerraformCompleteExample 2022-07-31T19:51:44Z logger.go:66:                   - secretRef                = null
TestTerraformCompleteExample 2022-07-31T19:51:44Z logger.go:66:                 }
TestTerraformCompleteExample 2022-07-31T19:51:44Z logger.go:66:               - listeners          = {
TestTerraformCompleteExample 2022-07-31T19:51:44Z logger.go:66:                   - custom   = null
TestTerraformCompleteExample 2022-07-31T19:51:44Z logger.go:66:                   - external = {
TestTerraformCompleteExample 2022-07-31T19:51:44Z logger.go:66:                       - authentication = {
TestTerraformCompleteExample 2022-07-31T19:51:44Z logger.go:66:                           - jaasConfig            = {
TestTerraformCompleteExample 2022-07-31T19:51:44Z logger.go:66:                               - secretRef = null
TestTerraformCompleteExample 2022-07-31T19:51:44Z logger.go:66:                             }
TestTerraformCompleteExample 2022-07-31T19:51:44Z logger.go:66:                           - jaasConfigPassThrough = {
TestTerraformCompleteExample 2022-07-31T19:51:44Z logger.go:66:                               - directoryPathInContainer = null
TestTerraformCompleteExample 2022-07-31T19:51:44Z logger.go:66:                               - secretRef                = null
TestTerraformCompleteExample 2022-07-31T19:51:44Z logger.go:66:                             }
TestTerraformCompleteExample 2022-07-31T19:51:44Z logger.go:66:                           - principalMappingRules = null
TestTerraformCompleteExample 2022-07-31T19:51:44Z logger.go:66:                           - type                  = null
TestTerraformCompleteExample 2022-07-31T19:51:44Z logger.go:66:                         }
TestTerraformCompleteExample 2022-07-31T19:51:44Z logger.go:66:                       - externalAccess = {
TestTerraformCompleteExample 2022-07-31T19:51:44Z logger.go:66:                           - loadBalancer              = {
TestTerraformCompleteExample 2022-07-31T19:51:44Z logger.go:66:                               - advertisedPort           = null
TestTerraformCompleteExample 2022-07-31T19:51:44Z logger.go:66:                               - annotations              = null
TestTerraformCompleteExample 2022-07-31T19:51:44Z logger.go:66:                               - bootstrapPrefix          = null
TestTerraformCompleteExample 2022-07-31T19:51:44Z logger.go:66:                               - brokerPrefix             = null
TestTerraformCompleteExample 2022-07-31T19:51:44Z logger.go:66:                               - domain                   = null
TestTerraformCompleteExample 2022-07-31T19:51:44Z logger.go:66:                               - externalTrafficPolicy    = null
TestTerraformCompleteExample 2022-07-31T19:51:44Z logger.go:66:                               - labels                   = null
TestTerraformCompleteExample 2022-07-31T19:51:44Z logger.go:66:                               - loadBalancerSourceRanges = null
TestTerraformCompleteExample 2022-07-31T19:51:44Z logger.go:66:                               - servicePorts             = null
TestTerraformCompleteExample 2022-07-31T19:51:44Z logger.go:66:                               - sessionAffinity          = null
TestTerraformCompleteExample 2022-07-31T19:51:44Z logger.go:66:                               - sessionAffinityConfig    = {
TestTerraformCompleteExample 2022-07-31T19:51:44Z logger.go:66:                                   - clientIP = {
TestTerraformCompleteExample 2022-07-31T19:51:44Z logger.go:66:                                       - timeoutSeconds = null
TestTerraformCompleteExample 2022-07-31T19:51:44Z logger.go:66:                                     }
TestTerraformCompleteExample 2022-07-31T19:51:44Z logger.go:66:                                 }
TestTerraformCompleteExample 2022-07-31T19:51:44Z logger.go:66:                             }
TestTerraformCompleteExample 2022-07-31T19:51:44Z logger.go:66:                           - nodePort                  = {
TestTerraformCompleteExample 2022-07-31T19:51:44Z logger.go:66:                               - advertisedURL         = {
TestTerraformCompleteExample 2022-07-31T19:51:44Z logger.go:66:                                   - enabled = null
TestTerraformCompleteExample 2022-07-31T19:51:44Z logger.go:66:                                   - prefix  = null
TestTerraformCompleteExample 2022-07-31T19:51:44Z logger.go:66:                                 }
TestTerraformCompleteExample 2022-07-31T19:51:44Z logger.go:66:                               - annotations           = null
TestTerraformCompleteExample 2022-07-31T19:51:44Z logger.go:66:                               - externalTrafficPolicy = null
TestTerraformCompleteExample 2022-07-31T19:51:44Z logger.go:66:                               - host                  = null
TestTerraformCompleteExample 2022-07-31T19:51:44Z logger.go:66:                               - labels                = null
TestTerraformCompleteExample 2022-07-31T19:51:44Z logger.go:66:                               - nodePortOffset        = null
TestTerraformCompleteExample 2022-07-31T19:51:44Z logger.go:66:                               - servicePorts          = null
TestTerraformCompleteExample 2022-07-31T19:51:44Z logger.go:66:                               - sessionAffinity       = null
TestTerraformCompleteExample 2022-07-31T19:51:44Z logger.go:66:                               - sessionAffinityConfig = {
TestTerraformCompleteExample 2022-07-31T19:51:44Z logger.go:66:                                   - clientIP = {
TestTerraformCompleteExample 2022-07-31T19:51:44Z logger.go:66:                                       - timeoutSeconds = null
TestTerraformCompleteExample 2022-07-31T19:51:44Z logger.go:66:                                     }
TestTerraformCompleteExample 2022-07-31T19:51:44Z logger.go:66:                                 }
TestTerraformCompleteExample 2022-07-31T19:51:44Z logger.go:66:                             }
TestTerraformCompleteExample 2022-07-31T19:51:44Z logger.go:66:                           - route                     = {
TestTerraformCompleteExample 2022-07-31T19:51:44Z logger.go:66:                               - annotations     = null
TestTerraformCompleteExample 2022-07-31T19:51:44Z logger.go:66:                               - bootstrapPrefix = null
TestTerraformCompleteExample 2022-07-31T19:51:44Z logger.go:66:                               - brokerPrefix    = null
TestTerraformCompleteExample 2022-07-31T19:51:44Z logger.go:66:                               - domain          = null
TestTerraformCompleteExample 2022-07-31T19:51:44Z logger.go:66:                               - labels          = null
TestTerraformCompleteExample 2022-07-31T19:51:44Z logger.go:66:                               - wildcardPolicy  = null
TestTerraformCompleteExample 2022-07-31T19:51:44Z logger.go:66:                             }
TestTerraformCompleteExample 2022-07-31T19:51:44Z logger.go:66:                           - staticForHostBasedRouting = {
TestTerraformCompleteExample 2022-07-31T19:51:44Z logger.go:66:                               - brokerPrefix = null
TestTerraformCompleteExample 2022-07-31T19:51:44Z logger.go:66:                               - domain       = null
TestTerraformCompleteExample 2022-07-31T19:51:44Z logger.go:66:                               - port         = null
TestTerraformCompleteExample 2022-07-31T19:51:44Z logger.go:66:                             }
TestTerraformCompleteExample 2022-07-31T19:51:44Z logger.go:66:                           - staticForPortBasedRouting = {
TestTerraformCompleteExample 2022-07-31T19:51:44Z logger.go:66:                               - host       = null
TestTerraformCompleteExample 2022-07-31T19:51:44Z logger.go:66:                               - portOffset = null
TestTerraformCompleteExample 2022-07-31T19:51:44Z logger.go:66:                             }
TestTerraformCompleteExample 2022-07-31T19:51:44Z logger.go:66:                           - type                      = null
TestTerraformCompleteExample 2022-07-31T19:51:44Z logger.go:66:                         }
TestTerraformCompleteExample 2022-07-31T19:51:44Z logger.go:66:                       - tls            = {
TestTerraformCompleteExample 2022-07-31T19:51:44Z logger.go:66:                           - directoryPathInContainer = null
TestTerraformCompleteExample 2022-07-31T19:51:44Z logger.go:66:                           - enabled                  = null
TestTerraformCompleteExample 2022-07-31T19:51:44Z logger.go:66:                           - ignoreTrustStoreConfig   = null
TestTerraformCompleteExample 2022-07-31T19:51:44Z logger.go:66:                           - jksPassword              = {
TestTerraformCompleteExample 2022-07-31T19:51:44Z logger.go:66:                               - secretRef = null
TestTerraformCompleteExample 2022-07-31T19:51:44Z logger.go:66:                             }
TestTerraformCompleteExample 2022-07-31T19:51:44Z logger.go:66:                           - secretRef                = null
TestTerraformCompleteExample 2022-07-31T19:51:44Z logger.go:66:                         }
TestTerraformCompleteExample 2022-07-31T19:51:44Z logger.go:66:                     }
TestTerraformCompleteExample 2022-07-31T19:51:44Z logger.go:66:                   - internal = {
TestTerraformCompleteExample 2022-07-31T19:51:44Z logger.go:66:                       - authentication = {
TestTerraformCompleteExample 2022-07-31T19:51:44Z logger.go:66:                           - jaasConfig            = {
TestTerraformCompleteExample 2022-07-31T19:51:44Z logger.go:66:                               - secretRef = null
TestTerraformCompleteExample 2022-07-31T19:51:44Z logger.go:66:                             }
TestTerraformCompleteExample 2022-07-31T19:51:44Z logger.go:66:                           - jaasConfigPassThrough = {
TestTerraformCompleteExample 2022-07-31T19:51:44Z logger.go:66:                               - directoryPathInContainer = null
TestTerraformCompleteExample 2022-07-31T19:51:44Z logger.go:66:                               - secretRef                = null
TestTerraformCompleteExample 2022-07-31T19:51:44Z logger.go:66:                             }
TestTerraformCompleteExample 2022-07-31T19:51:44Z logger.go:66:                           - principalMappingRules = null
TestTerraformCompleteExample 2022-07-31T19:51:44Z logger.go:66:                           - type                  = null
TestTerraformCompleteExample 2022-07-31T19:51:44Z logger.go:66:                         }
TestTerraformCompleteExample 2022-07-31T19:51:44Z logger.go:66:                       - tls            = {
TestTerraformCompleteExample 2022-07-31T19:51:44Z logger.go:66:                           - directoryPathInContainer = null
TestTerraformCompleteExample 2022-07-31T19:51:44Z logger.go:66:                           - enabled                  = null
TestTerraformCompleteExample 2022-07-31T19:51:44Z logger.go:66:                           - ignoreTrustStoreConfig   = null
TestTerraformCompleteExample 2022-07-31T19:51:44Z logger.go:66:                           - jksPassword              = {
TestTerraformCompleteExample 2022-07-31T19:51:44Z logger.go:66:                               - secretRef = null
TestTerraformCompleteExample 2022-07-31T19:51:44Z logger.go:66:                             }
TestTerraformCompleteExample 2022-07-31T19:51:44Z logger.go:66:                           - secretRef                = null
TestTerraformCompleteExample 2022-07-31T19:51:44Z logger.go:66:                         }
TestTerraformCompleteExample 2022-07-31T19:51:44Z logger.go:66:                     }
TestTerraformCompleteExample 2022-07-31T19:51:44Z logger.go:66:                 }
TestTerraformCompleteExample 2022-07-31T19:51:44Z logger.go:66:               - metricReporter     = {
TestTerraformCompleteExample 2022-07-31T19:51:44Z logger.go:66:                   - authentication    = {
TestTerraformCompleteExample 2022-07-31T19:51:44Z logger.go:66:                       - jaasConfig            = {
TestTerraformCompleteExample 2022-07-31T19:51:44Z logger.go:66:                           - secretRef = null
TestTerraformCompleteExample 2022-07-31T19:51:44Z logger.go:66:                         }
TestTerraformCompleteExample 2022-07-31T19:51:44Z logger.go:66:                       - jaasConfigPassThrough = {
TestTerraformCompleteExample 2022-07-31T19:51:44Z logger.go:66:                           - directoryPathInContainer = null
TestTerraformCompleteExample 2022-07-31T19:51:44Z logger.go:66:                           - secretRef                = null
TestTerraformCompleteExample 2022-07-31T19:51:44Z logger.go:66:                         }
TestTerraformCompleteExample 2022-07-31T19:51:44Z logger.go:66:                       - oauthbearer           = {
TestTerraformCompleteExample 2022-07-31T19:51:44Z logger.go:66:                           - directoryPathInContainer = null
TestTerraformCompleteExample 2022-07-31T19:51:44Z logger.go:66:                           - secretRef                = null
TestTerraformCompleteExample 2022-07-31T19:51:44Z logger.go:66:                         }
TestTerraformCompleteExample 2022-07-31T19:51:44Z logger.go:66:                       - type                  = null
TestTerraformCompleteExample 2022-07-31T19:51:44Z logger.go:66:                     }
TestTerraformCompleteExample 2022-07-31T19:51:44Z logger.go:66:                   - bootstrapEndpoint = null
TestTerraformCompleteExample 2022-07-31T19:51:44Z logger.go:66:                   - enabled           = true
TestTerraformCompleteExample 2022-07-31T19:51:44Z logger.go:66:                   - replicationFactor = null
TestTerraformCompleteExample 2022-07-31T19:51:44Z logger.go:66:                   - tls               = {
TestTerraformCompleteExample 2022-07-31T19:51:44Z logger.go:66:                       - directoryPathInContainer = null
TestTerraformCompleteExample 2022-07-31T19:51:44Z logger.go:66:                       - enabled                  = null
TestTerraformCompleteExample 2022-07-31T19:51:44Z logger.go:66:                       - ignoreTrustStoreConfig   = null
TestTerraformCompleteExample 2022-07-31T19:51:44Z logger.go:66:                       - jksPassword              = {
TestTerraformCompleteExample 2022-07-31T19:51:44Z logger.go:66:                           - secretRef = null
TestTerraformCompleteExample 2022-07-31T19:51:44Z logger.go:66:                         }
TestTerraformCompleteExample 2022-07-31T19:51:44Z logger.go:66:                       - secretRef                = null
TestTerraformCompleteExample 2022-07-31T19:51:44Z logger.go:66:                     }
TestTerraformCompleteExample 2022-07-31T19:51:44Z logger.go:66:                 }
TestTerraformCompleteExample 2022-07-31T19:51:44Z logger.go:66:               - metrics            = {
TestTerraformCompleteExample 2022-07-31T19:51:44Z logger.go:66:                   - authentication = {
TestTerraformCompleteExample 2022-07-31T19:51:44Z logger.go:66:                       - type = null
TestTerraformCompleteExample 2022-07-31T19:51:44Z logger.go:66:                     }
TestTerraformCompleteExample 2022-07-31T19:51:44Z logger.go:66:                   - prometheus     = {
TestTerraformCompleteExample 2022-07-31T19:51:44Z logger.go:66:                       - blacklist = null
TestTerraformCompleteExample 2022-07-31T19:51:44Z logger.go:66:                       - rules     = null
TestTerraformCompleteExample 2022-07-31T19:51:44Z logger.go:66:                       - whitelist = null
TestTerraformCompleteExample 2022-07-31T19:51:44Z logger.go:66:                     }
TestTerraformCompleteExample 2022-07-31T19:51:44Z logger.go:66:                   - tls            = {
TestTerraformCompleteExample 2022-07-31T19:51:44Z logger.go:66:                       - directoryPathInContainer = null
TestTerraformCompleteExample 2022-07-31T19:51:44Z logger.go:66:                       - enabled                  = null
TestTerraformCompleteExample 2022-07-31T19:51:44Z logger.go:66:                       - ignoreTrustStoreConfig   = null
TestTerraformCompleteExample 2022-07-31T19:51:44Z logger.go:66:                       - jksPassword              = {
TestTerraformCompleteExample 2022-07-31T19:51:44Z logger.go:66:                           - secretRef = null
TestTerraformCompleteExample 2022-07-31T19:51:44Z logger.go:66:                         }
TestTerraformCompleteExample 2022-07-31T19:51:44Z logger.go:66:                       - secretRef                = null
TestTerraformCompleteExample 2022-07-31T19:51:44Z logger.go:66:                     }
TestTerraformCompleteExample 2022-07-31T19:51:44Z logger.go:66:                 }
TestTerraformCompleteExample 2022-07-31T19:51:44Z logger.go:66:               - mountedSecrets     = null
TestTerraformCompleteExample 2022-07-31T19:51:44Z logger.go:66:               - mountedVolumes     = {
TestTerraformCompleteExample 2022-07-31T19:51:44Z logger.go:66:                   - volumeMounts = null
TestTerraformCompleteExample 2022-07-31T19:51:44Z logger.go:66:                   - volumes      = null
TestTerraformCompleteExample 2022-07-31T19:51:44Z logger.go:66:                 }
TestTerraformCompleteExample 2022-07-31T19:51:44Z logger.go:66:               - oneReplicaPerNode  = null
TestTerraformCompleteExample 2022-07-31T19:51:44Z logger.go:66:               - passwordEncoder    = {
TestTerraformCompleteExample 2022-07-31T19:51:44Z logger.go:66:                   - directoryPathInContainer = null
TestTerraformCompleteExample 2022-07-31T19:51:44Z logger.go:66:                   - secretRef                = null
TestTerraformCompleteExample 2022-07-31T19:51:44Z logger.go:66:                 }
TestTerraformCompleteExample 2022-07-31T19:51:44Z logger.go:66:               - podTemplate        = {
TestTerraformCompleteExample 2022-07-31T19:51:44Z logger.go:66:                   - affinity                      = {
TestTerraformCompleteExample 2022-07-31T19:51:44Z logger.go:66:                       - nodeAffinity    = {
TestTerraformCompleteExample 2022-07-31T19:51:44Z logger.go:66:                           - preferredDuringSchedulingIgnoredDuringExecution = null
TestTerraformCompleteExample 2022-07-31T19:51:44Z logger.go:66:                           - requiredDuringSchedulingIgnoredDuringExecution  = {
TestTerraformCompleteExample 2022-07-31T19:51:44Z logger.go:66:                               - nodeSelectorTerms = null
TestTerraformCompleteExample 2022-07-31T19:51:44Z logger.go:66:                             }
TestTerraformCompleteExample 2022-07-31T19:51:44Z logger.go:66:                         }
TestTerraformCompleteExample 2022-07-31T19:51:44Z logger.go:66:                       - podAffinity     = {
TestTerraformCompleteExample 2022-07-31T19:51:44Z logger.go:66:                           - preferredDuringSchedulingIgnoredDuringExecution = null
TestTerraformCompleteExample 2022-07-31T19:51:44Z logger.go:66:                           - requiredDuringSchedulingIgnoredDuringExecution  = null
TestTerraformCompleteExample 2022-07-31T19:51:44Z logger.go:66:                         }
TestTerraformCompleteExample 2022-07-31T19:51:44Z logger.go:66:                       - podAntiAffinity = {
TestTerraformCompleteExample 2022-07-31T19:51:44Z logger.go:66:                           - preferredDuringSchedulingIgnoredDuringExecution = null
TestTerraformCompleteExample 2022-07-31T19:51:44Z logger.go:66:                           - requiredDuringSchedulingIgnoredDuringExecution  = null
TestTerraformCompleteExample 2022-07-31T19:51:44Z logger.go:66:                         }
TestTerraformCompleteExample 2022-07-31T19:51:44Z logger.go:66:                     }
TestTerraformCompleteExample 2022-07-31T19:51:44Z logger.go:66:                   - annotations                   = null
TestTerraformCompleteExample 2022-07-31T19:51:44Z logger.go:66:                   - envVars                       = null
TestTerraformCompleteExample 2022-07-31T19:51:44Z logger.go:66:                   - labels                        = null
TestTerraformCompleteExample 2022-07-31T19:51:44Z logger.go:66:                   - podSecurityContext            = {
TestTerraformCompleteExample 2022-07-31T19:51:44Z logger.go:66:                       - fsGroup             = null
TestTerraformCompleteExample 2022-07-31T19:51:44Z logger.go:66:                       - fsGroupChangePolicy = null
TestTerraformCompleteExample 2022-07-31T19:51:44Z logger.go:66:                       - runAsGroup          = null
TestTerraformCompleteExample 2022-07-31T19:51:44Z logger.go:66:                       - runAsNonRoot        = null
TestTerraformCompleteExample 2022-07-31T19:51:44Z logger.go:66:                       - runAsUser           = null
TestTerraformCompleteExample 2022-07-31T19:51:44Z logger.go:66:                       - seLinuxOptions      = {
TestTerraformCompleteExample 2022-07-31T19:51:44Z logger.go:66:                           - level = null
TestTerraformCompleteExample 2022-07-31T19:51:44Z logger.go:66:                           - role  = null
TestTerraformCompleteExample 2022-07-31T19:51:44Z logger.go:66:                           - type  = null
TestTerraformCompleteExample 2022-07-31T19:51:44Z logger.go:66:                           - user  = null
TestTerraformCompleteExample 2022-07-31T19:51:44Z logger.go:66:                         }
TestTerraformCompleteExample 2022-07-31T19:51:44Z logger.go:66:                       - seccompProfile      = {
TestTerraformCompleteExample 2022-07-31T19:51:44Z logger.go:66:                           - localhostProfile = null
TestTerraformCompleteExample 2022-07-31T19:51:44Z logger.go:66:                           - type             = null
TestTerraformCompleteExample 2022-07-31T19:51:44Z logger.go:66:                         }
TestTerraformCompleteExample 2022-07-31T19:51:44Z logger.go:66:                       - supplementalGroups  = null
TestTerraformCompleteExample 2022-07-31T19:51:44Z logger.go:66:                       - sysctls             = null
TestTerraformCompleteExample 2022-07-31T19:51:44Z logger.go:66:                       - windowsOptions      = {
TestTerraformCompleteExample 2022-07-31T19:51:44Z logger.go:66:                           - gmsaCredentialSpec     = null
TestTerraformCompleteExample 2022-07-31T19:51:44Z logger.go:66:                           - gmsaCredentialSpecName = null
TestTerraformCompleteExample 2022-07-31T19:51:44Z logger.go:66:                           - hostProcess            = null
TestTerraformCompleteExample 2022-07-31T19:51:44Z logger.go:66:                           - runAsUserName          = null
TestTerraformCompleteExample 2022-07-31T19:51:44Z logger.go:66:                         }
TestTerraformCompleteExample 2022-07-31T19:51:44Z logger.go:66:                     }
TestTerraformCompleteExample 2022-07-31T19:51:44Z logger.go:66:                   - priorityClassName             = null
TestTerraformCompleteExample 2022-07-31T19:51:44Z logger.go:66:                   - probe                         = {
TestTerraformCompleteExample 2022-07-31T19:51:44Z logger.go:66:                       - liveness  = {
TestTerraformCompleteExample 2022-07-31T19:51:44Z logger.go:66:                           - failureThreshold    = null
TestTerraformCompleteExample 2022-07-31T19:51:44Z logger.go:66:                           - initialDelaySeconds = null
TestTerraformCompleteExample 2022-07-31T19:51:44Z logger.go:66:                           - periodSeconds       = null
TestTerraformCompleteExample 2022-07-31T19:51:44Z logger.go:66:                           - successThreshold    = null
TestTerraformCompleteExample 2022-07-31T19:51:44Z logger.go:66:                           - timeoutSeconds      = null
TestTerraformCompleteExample 2022-07-31T19:51:44Z logger.go:66:                         }
TestTerraformCompleteExample 2022-07-31T19:51:44Z logger.go:66:                       - readiness = {
TestTerraformCompleteExample 2022-07-31T19:51:44Z logger.go:66:                           - failureThreshold    = null
TestTerraformCompleteExample 2022-07-31T19:51:44Z logger.go:66:                           - initialDelaySeconds = null
TestTerraformCompleteExample 2022-07-31T19:51:44Z logger.go:66:                           - periodSeconds       = null
TestTerraformCompleteExample 2022-07-31T19:51:44Z logger.go:66:                           - successThreshold    = null
TestTerraformCompleteExample 2022-07-31T19:51:44Z logger.go:66:                           - timeoutSeconds      = null
TestTerraformCompleteExample 2022-07-31T19:51:44Z logger.go:66:                         }
TestTerraformCompleteExample 2022-07-31T19:51:44Z logger.go:66:                     }
TestTerraformCompleteExample 2022-07-31T19:51:44Z logger.go:66:                   - resources                     = {
TestTerraformCompleteExample 2022-07-31T19:51:44Z logger.go:66:                       - limits   = null
TestTerraformCompleteExample 2022-07-31T19:51:44Z logger.go:66:                       - requests = null
TestTerraformCompleteExample 2022-07-31T19:51:44Z logger.go:66:                     }
TestTerraformCompleteExample 2022-07-31T19:51:44Z logger.go:66:                   - securityContext               = {
TestTerraformCompleteExample 2022-07-31T19:51:44Z logger.go:66:                       - allowPrivilegeEscalation = null
TestTerraformCompleteExample 2022-07-31T19:51:44Z logger.go:66:                       - capabilities             = {
TestTerraformCompleteExample 2022-07-31T19:51:44Z logger.go:66:                           - add  = null
TestTerraformCompleteExample 2022-07-31T19:51:44Z logger.go:66:                           - drop = null
TestTerraformCompleteExample 2022-07-31T19:51:44Z logger.go:66:                         }
TestTerraformCompleteExample 2022-07-31T19:51:44Z logger.go:66:                       - privileged               = null
TestTerraformCompleteExample 2022-07-31T19:51:44Z logger.go:66:                       - procMount                = null
TestTerraformCompleteExample 2022-07-31T19:51:44Z logger.go:66:                       - readOnlyRootFilesystem   = null
TestTerraformCompleteExample 2022-07-31T19:51:44Z logger.go:66:                       - runAsGroup               = null
TestTerraformCompleteExample 2022-07-31T19:51:44Z logger.go:66:                       - runAsNonRoot             = null
TestTerraformCompleteExample 2022-07-31T19:51:44Z logger.go:66:                       - runAsUser                = null
TestTerraformCompleteExample 2022-07-31T19:51:44Z logger.go:66:                       - seLinuxOptions           = {
TestTerraformCompleteExample 2022-07-31T19:51:44Z logger.go:66:                           - level = null
TestTerraformCompleteExample 2022-07-31T19:51:44Z logger.go:66:                           - role  = null
TestTerraformCompleteExample 2022-07-31T19:51:44Z logger.go:66:                           - type  = null
TestTerraformCompleteExample 2022-07-31T19:51:44Z logger.go:66:                           - user  = null
TestTerraformCompleteExample 2022-07-31T19:51:44Z logger.go:66:                         }
TestTerraformCompleteExample 2022-07-31T19:51:44Z logger.go:66:                       - seccompProfile           = {
TestTerraformCompleteExample 2022-07-31T19:51:44Z logger.go:66:                           - localhostProfile = null
TestTerraformCompleteExample 2022-07-31T19:51:44Z logger.go:66:                           - type             = null
TestTerraformCompleteExample 2022-07-31T19:51:44Z logger.go:66:                         }
TestTerraformCompleteExample 2022-07-31T19:51:44Z logger.go:66:                       - windowsOptions           = {
TestTerraformCompleteExample 2022-07-31T19:51:44Z logger.go:66:                           - gmsaCredentialSpec     = null
TestTerraformCompleteExample 2022-07-31T19:51:44Z logger.go:66:                           - gmsaCredentialSpecName = null
TestTerraformCompleteExample 2022-07-31T19:51:44Z logger.go:66:                           - hostProcess            = null
TestTerraformCompleteExample 2022-07-31T19:51:44Z logger.go:66:                           - runAsUserName          = null
TestTerraformCompleteExample 2022-07-31T19:51:44Z logger.go:66:                         }
TestTerraformCompleteExample 2022-07-31T19:51:44Z logger.go:66:                     }
TestTerraformCompleteExample 2022-07-31T19:51:44Z logger.go:66:                   - serviceAccountName            = null
TestTerraformCompleteExample 2022-07-31T19:51:44Z logger.go:66:                   - terminationGracePeriodSeconds = null
TestTerraformCompleteExample 2022-07-31T19:51:44Z logger.go:66:                   - tolerations                   = null
TestTerraformCompleteExample 2022-07-31T19:51:44Z logger.go:66:                   - topologySpreadConstraints     = null
TestTerraformCompleteExample 2022-07-31T19:51:44Z logger.go:66:                 }
TestTerraformCompleteExample 2022-07-31T19:51:44Z logger.go:66:               - rackAssignment     = {
TestTerraformCompleteExample 2022-07-31T19:51:44Z logger.go:66:                   - availabilityZoneCount = null
TestTerraformCompleteExample 2022-07-31T19:51:44Z logger.go:66:                   - nodeLabels            = null
TestTerraformCompleteExample 2022-07-31T19:51:44Z logger.go:66:                 }
TestTerraformCompleteExample 2022-07-31T19:51:44Z logger.go:66:               - replicas           = 3
TestTerraformCompleteExample 2022-07-31T19:51:44Z logger.go:66:               - services           = {
TestTerraformCompleteExample 2022-07-31T19:51:44Z logger.go:66:                   - kafkaRest = {
TestTerraformCompleteExample 2022-07-31T19:51:44Z logger.go:66:                       - authentication = {
TestTerraformCompleteExample 2022-07-31T19:51:44Z logger.go:66:                           - basic = {
TestTerraformCompleteExample 2022-07-31T19:51:44Z logger.go:66:                               - debug                    = null
TestTerraformCompleteExample 2022-07-31T19:51:44Z logger.go:66:                               - directoryPathInContainer = null
TestTerraformCompleteExample 2022-07-31T19:51:44Z logger.go:66:                               - restrictedRoles          = null
TestTerraformCompleteExample 2022-07-31T19:51:44Z logger.go:66:                               - roles                    = null
TestTerraformCompleteExample 2022-07-31T19:51:44Z logger.go:66:                               - secretRef                = null
TestTerraformCompleteExample 2022-07-31T19:51:44Z logger.go:66:                             }
TestTerraformCompleteExample 2022-07-31T19:51:44Z logger.go:66:                           - type  = null
TestTerraformCompleteExample 2022-07-31T19:51:44Z logger.go:66:                         }
TestTerraformCompleteExample 2022-07-31T19:51:44Z logger.go:66:                       - externalAccess = {
TestTerraformCompleteExample 2022-07-31T19:51:44Z logger.go:66:                           - loadBalancer = {
TestTerraformCompleteExample 2022-07-31T19:51:44Z logger.go:66:                               - advertisedURL            = {
TestTerraformCompleteExample 2022-07-31T19:51:44Z logger.go:66:                                   - enabled = null
TestTerraformCompleteExample 2022-07-31T19:51:44Z logger.go:66:                                   - prefix  = null
TestTerraformCompleteExample 2022-07-31T19:51:44Z logger.go:66:                                 }
TestTerraformCompleteExample 2022-07-31T19:51:44Z logger.go:66:                               - annotations              = null
TestTerraformCompleteExample 2022-07-31T19:51:44Z logger.go:66:                               - domain                   = null
TestTerraformCompleteExample 2022-07-31T19:51:44Z logger.go:66:                               - externalTrafficPolicy    = null
TestTerraformCompleteExample 2022-07-31T19:51:44Z logger.go:66:                               - labels                   = null
TestTerraformCompleteExample 2022-07-31T19:51:44Z logger.go:66:                               - loadBalancerSourceRanges = null
TestTerraformCompleteExample 2022-07-31T19:51:44Z logger.go:66:                               - port                     = null
TestTerraformCompleteExample 2022-07-31T19:51:44Z logger.go:66:                               - prefix                   = null
TestTerraformCompleteExample 2022-07-31T19:51:44Z logger.go:66:                               - servicePorts             = null
TestTerraformCompleteExample 2022-07-31T19:51:44Z logger.go:66:                               - sessionAffinity          = null
TestTerraformCompleteExample 2022-07-31T19:51:44Z logger.go:66:                               - sessionAffinityConfig    = {
TestTerraformCompleteExample 2022-07-31T19:51:44Z logger.go:66:                                   - clientIP = {
TestTerraformCompleteExample 2022-07-31T19:51:44Z logger.go:66:                                       - timeoutSeconds = null
TestTerraformCompleteExample 2022-07-31T19:51:44Z logger.go:66:                                     }
TestTerraformCompleteExample 2022-07-31T19:51:44Z logger.go:66:                                 }
TestTerraformCompleteExample 2022-07-31T19:51:44Z logger.go:66:                             }
TestTerraformCompleteExample 2022-07-31T19:51:44Z logger.go:66:                           - nodePort     = {
TestTerraformCompleteExample 2022-07-31T19:51:44Z logger.go:66:                               - advertisedURL         = {
TestTerraformCompleteExample 2022-07-31T19:51:44Z logger.go:66:                                   - enabled = null
TestTerraformCompleteExample 2022-07-31T19:51:44Z logger.go:66:                                   - prefix  = null
TestTerraformCompleteExample 2022-07-31T19:51:44Z logger.go:66:                                 }
TestTerraformCompleteExample 2022-07-31T19:51:44Z logger.go:66:                               - annotations           = null
TestTerraformCompleteExample 2022-07-31T19:51:44Z logger.go:66:                               - externalTrafficPolicy = null
TestTerraformCompleteExample 2022-07-31T19:51:44Z logger.go:66:                               - host                  = null
TestTerraformCompleteExample 2022-07-31T19:51:44Z logger.go:66:                               - labels                = null
TestTerraformCompleteExample 2022-07-31T19:51:44Z logger.go:66:                               - nodePortOffset        = null
TestTerraformCompleteExample 2022-07-31T19:51:44Z logger.go:66:                               - servicePorts          = null
TestTerraformCompleteExample 2022-07-31T19:51:44Z logger.go:66:                               - sessionAffinity       = null
TestTerraformCompleteExample 2022-07-31T19:51:44Z logger.go:66:                               - sessionAffinityConfig = {
TestTerraformCompleteExample 2022-07-31T19:51:44Z logger.go:66:                                   - clientIP = {
TestTerraformCompleteExample 2022-07-31T19:51:44Z logger.go:66:                                       - timeoutSeconds = null
TestTerraformCompleteExample 2022-07-31T19:51:44Z logger.go:66:                                     }
TestTerraformCompleteExample 2022-07-31T19:51:44Z logger.go:66:                                 }
TestTerraformCompleteExample 2022-07-31T19:51:44Z logger.go:66:                             }
TestTerraformCompleteExample 2022-07-31T19:51:44Z logger.go:66:                           - route        = {
TestTerraformCompleteExample 2022-07-31T19:51:44Z logger.go:66:                               - annotations    = null
TestTerraformCompleteExample 2022-07-31T19:51:44Z logger.go:66:                               - domain         = null
TestTerraformCompleteExample 2022-07-31T19:51:44Z logger.go:66:                               - labels         = null
TestTerraformCompleteExample 2022-07-31T19:51:44Z logger.go:66:                               - prefix         = null
TestTerraformCompleteExample 2022-07-31T19:51:44Z logger.go:66:                               - wildcardPolicy = null
TestTerraformCompleteExample 2022-07-31T19:51:44Z logger.go:66:                             }
TestTerraformCompleteExample 2022-07-31T19:51:44Z logger.go:66:                           - type         = null
TestTerraformCompleteExample 2022-07-31T19:51:44Z logger.go:66:                         }
TestTerraformCompleteExample 2022-07-31T19:51:44Z logger.go:66:                       - tls            = {
TestTerraformCompleteExample 2022-07-31T19:51:44Z logger.go:66:                           - directoryPathInContainer = null
TestTerraformCompleteExample 2022-07-31T19:51:44Z logger.go:66:                           - enabled                  = null
TestTerraformCompleteExample 2022-07-31T19:51:44Z logger.go:66:                           - ignoreTrustStoreConfig   = null
TestTerraformCompleteExample 2022-07-31T19:51:44Z logger.go:66:                           - jksPassword              = {
TestTerraformCompleteExample 2022-07-31T19:51:44Z logger.go:66:                               - secretRef = null
TestTerraformCompleteExample 2022-07-31T19:51:44Z logger.go:66:                             }
TestTerraformCompleteExample 2022-07-31T19:51:44Z logger.go:66:                           - secretRef                = null
TestTerraformCompleteExample 2022-07-31T19:51:44Z logger.go:66:                         }
TestTerraformCompleteExample 2022-07-31T19:51:44Z logger.go:66:                     }
TestTerraformCompleteExample 2022-07-31T19:51:44Z logger.go:66:                   - mds       = {
TestTerraformCompleteExample 2022-07-31T19:51:44Z logger.go:66:                       - authentication = {
TestTerraformCompleteExample 2022-07-31T19:51:44Z logger.go:66:                           - type = null
TestTerraformCompleteExample 2022-07-31T19:51:44Z logger.go:66:                         }
TestTerraformCompleteExample 2022-07-31T19:51:44Z logger.go:66:                       - externalAccess = {
TestTerraformCompleteExample 2022-07-31T19:51:44Z logger.go:66:                           - loadBalancer = {
TestTerraformCompleteExample 2022-07-31T19:51:44Z logger.go:66:                               - advertisedURL            = {
TestTerraformCompleteExample 2022-07-31T19:51:44Z logger.go:66:                                   - enabled = null
TestTerraformCompleteExample 2022-07-31T19:51:44Z logger.go:66:                                   - prefix  = null
TestTerraformCompleteExample 2022-07-31T19:51:44Z logger.go:66:                                 }
TestTerraformCompleteExample 2022-07-31T19:51:44Z logger.go:66:                               - annotations              = null
TestTerraformCompleteExample 2022-07-31T19:51:44Z logger.go:66:                               - domain                   = null
TestTerraformCompleteExample 2022-07-31T19:51:44Z logger.go:66:                               - externalTrafficPolicy    = null
TestTerraformCompleteExample 2022-07-31T19:51:44Z logger.go:66:                               - labels                   = null
TestTerraformCompleteExample 2022-07-31T19:51:44Z logger.go:66:                               - loadBalancerSourceRanges = null
TestTerraformCompleteExample 2022-07-31T19:51:44Z logger.go:66:                               - port                     = null
TestTerraformCompleteExample 2022-07-31T19:51:44Z logger.go:66:                               - prefix                   = null
TestTerraformCompleteExample 2022-07-31T19:51:44Z logger.go:66:                               - servicePorts             = null
TestTerraformCompleteExample 2022-07-31T19:51:44Z logger.go:66:                               - sessionAffinity          = null
TestTerraformCompleteExample 2022-07-31T19:51:44Z logger.go:66:                               - sessionAffinityConfig    = {
TestTerraformCompleteExample 2022-07-31T19:51:44Z logger.go:66:                                   - clientIP = {
TestTerraformCompleteExample 2022-07-31T19:51:44Z logger.go:66:                                       - timeoutSeconds = null
TestTerraformCompleteExample 2022-07-31T19:51:44Z logger.go:66:                                     }
TestTerraformCompleteExample 2022-07-31T19:51:44Z logger.go:66:                                 }
TestTerraformCompleteExample 2022-07-31T19:51:44Z logger.go:66:                             }
TestTerraformCompleteExample 2022-07-31T19:51:44Z logger.go:66:                           - nodePort     = {
TestTerraformCompleteExample 2022-07-31T19:51:44Z logger.go:66:                               - advertisedURL         = {
TestTerraformCompleteExample 2022-07-31T19:51:44Z logger.go:66:                                   - enabled = null
TestTerraformCompleteExample 2022-07-31T19:51:44Z logger.go:66:                                   - prefix  = null
TestTerraformCompleteExample 2022-07-31T19:51:44Z logger.go:66:                                 }
TestTerraformCompleteExample 2022-07-31T19:51:44Z logger.go:66:                               - annotations           = null
TestTerraformCompleteExample 2022-07-31T19:51:44Z logger.go:66:                               - externalTrafficPolicy = null
TestTerraformCompleteExample 2022-07-31T19:51:44Z logger.go:66:                               - host                  = null
TestTerraformCompleteExample 2022-07-31T19:51:44Z logger.go:66:                               - labels                = null
TestTerraformCompleteExample 2022-07-31T19:51:44Z logger.go:66:                               - nodePortOffset        = null
TestTerraformCompleteExample 2022-07-31T19:51:44Z logger.go:66:                               - servicePorts          = null
TestTerraformCompleteExample 2022-07-31T19:51:44Z logger.go:66:                               - sessionAffinity       = null
TestTerraformCompleteExample 2022-07-31T19:51:44Z logger.go:66:                               - sessionAffinityConfig = {
TestTerraformCompleteExample 2022-07-31T19:51:44Z logger.go:66:                                   - clientIP = {
TestTerraformCompleteExample 2022-07-31T19:51:44Z logger.go:66:                                       - timeoutSeconds = null
TestTerraformCompleteExample 2022-07-31T19:51:44Z logger.go:66:                                     }
TestTerraformCompleteExample 2022-07-31T19:51:44Z logger.go:66:                                 }
TestTerraformCompleteExample 2022-07-31T19:51:44Z logger.go:66:                             }
TestTerraformCompleteExample 2022-07-31T19:51:44Z logger.go:66:                           - route        = {
TestTerraformCompleteExample 2022-07-31T19:51:44Z logger.go:66:                               - annotations    = null
TestTerraformCompleteExample 2022-07-31T19:51:44Z logger.go:66:                               - domain         = null
TestTerraformCompleteExample 2022-07-31T19:51:44Z logger.go:66:                               - labels         = null
TestTerraformCompleteExample 2022-07-31T19:51:44Z logger.go:66:                               - prefix         = null
TestTerraformCompleteExample 2022-07-31T19:51:44Z logger.go:66:                               - wildcardPolicy = null
TestTerraformCompleteExample 2022-07-31T19:51:44Z logger.go:66:                             }
TestTerraformCompleteExample 2022-07-31T19:51:44Z logger.go:66:                           - type         = null
TestTerraformCompleteExample 2022-07-31T19:51:44Z logger.go:66:                         }
TestTerraformCompleteExample 2022-07-31T19:51:44Z logger.go:66:                       - provider       = {
TestTerraformCompleteExample 2022-07-31T19:51:44Z logger.go:66:                           - ldap = {
TestTerraformCompleteExample 2022-07-31T19:51:44Z logger.go:66:                               - address        = null
TestTerraformCompleteExample 2022-07-31T19:51:44Z logger.go:66:                               - authentication = {
TestTerraformCompleteExample 2022-07-31T19:51:44Z logger.go:66:                                   - simple = {
TestTerraformCompleteExample 2022-07-31T19:51:44Z logger.go:66:                                       - directoryPathInContainer = null
TestTerraformCompleteExample 2022-07-31T19:51:44Z logger.go:66:                                       - secretRef                = null
TestTerraformCompleteExample 2022-07-31T19:51:44Z logger.go:66:                                     }
TestTerraformCompleteExample 2022-07-31T19:51:44Z logger.go:66:                                   - type   = null
TestTerraformCompleteExample 2022-07-31T19:51:44Z logger.go:66:                                 }
TestTerraformCompleteExample 2022-07-31T19:51:44Z logger.go:66:                               - configurations = {
TestTerraformCompleteExample 2022-07-31T19:51:44Z logger.go:66:                                   - groupMemberAttribute         = null
TestTerraformCompleteExample 2022-07-31T19:51:44Z logger.go:66:                                   - groupMemberAttributePattern  = null
TestTerraformCompleteExample 2022-07-31T19:51:44Z logger.go:66:                                   - groupNameAttribute           = null
TestTerraformCompleteExample 2022-07-31T19:51:44Z logger.go:66:                                   - groupObjectClass             = null
TestTerraformCompleteExample 2022-07-31T19:51:44Z logger.go:66:                                   - groupSearchBase              = null
TestTerraformCompleteExample 2022-07-31T19:51:44Z logger.go:66:                                   - groupSearchFilter            = null
TestTerraformCompleteExample 2022-07-31T19:51:44Z logger.go:66:                                   - groupSearchScope             = null
TestTerraformCompleteExample 2022-07-31T19:51:44Z logger.go:66:                                   - userMemberOfAttributePattern = null
TestTerraformCompleteExample 2022-07-31T19:51:44Z logger.go:66:                                   - userNameAttribute            = null
TestTerraformCompleteExample 2022-07-31T19:51:44Z logger.go:66:                                   - userObjectClass              = null
TestTerraformCompleteExample 2022-07-31T19:51:44Z logger.go:66:                                   - userSearchBase               = null
TestTerraformCompleteExample 2022-07-31T19:51:44Z logger.go:66:                                   - userSearchFilter             = null
TestTerraformCompleteExample 2022-07-31T19:51:44Z logger.go:66:                                   - userSearchScope              = null
TestTerraformCompleteExample 2022-07-31T19:51:44Z logger.go:66:                                 }
TestTerraformCompleteExample 2022-07-31T19:51:44Z logger.go:66:                               - tls            = {
TestTerraformCompleteExample 2022-07-31T19:51:44Z logger.go:66:                                   - directoryPathInContainer = null
TestTerraformCompleteExample 2022-07-31T19:51:44Z logger.go:66:                                   - enabled                  = null
TestTerraformCompleteExample 2022-07-31T19:51:44Z logger.go:66:                                   - ignoreTrustStoreConfig   = null
TestTerraformCompleteExample 2022-07-31T19:51:44Z logger.go:66:                                   - jksPassword              = {
TestTerraformCompleteExample 2022-07-31T19:51:44Z logger.go:66:                                       - secretRef = null
TestTerraformCompleteExample 2022-07-31T19:51:44Z logger.go:66:                                     }
TestTerraformCompleteExample 2022-07-31T19:51:44Z logger.go:66:                                   - secretRef                = null
TestTerraformCompleteExample 2022-07-31T19:51:44Z logger.go:66:                                 }
TestTerraformCompleteExample 2022-07-31T19:51:44Z logger.go:66:                             }
TestTerraformCompleteExample 2022-07-31T19:51:44Z logger.go:66:                           - type = null
TestTerraformCompleteExample 2022-07-31T19:51:44Z logger.go:66:                         }
TestTerraformCompleteExample 2022-07-31T19:51:44Z logger.go:66:                       - tls            = {
TestTerraformCompleteExample 2022-07-31T19:51:44Z logger.go:66:                           - directoryPathInContainer = null
TestTerraformCompleteExample 2022-07-31T19:51:44Z logger.go:66:                           - enabled                  = null
TestTerraformCompleteExample 2022-07-31T19:51:44Z logger.go:66:                           - ignoreTrustStoreConfig   = null
TestTerraformCompleteExample 2022-07-31T19:51:44Z logger.go:66:                           - jksPassword              = {
TestTerraformCompleteExample 2022-07-31T19:51:44Z logger.go:66:                               - secretRef = null
TestTerraformCompleteExample 2022-07-31T19:51:44Z logger.go:66:                             }
TestTerraformCompleteExample 2022-07-31T19:51:44Z logger.go:66:                           - secretRef                = null
TestTerraformCompleteExample 2022-07-31T19:51:44Z logger.go:66:                         }
TestTerraformCompleteExample 2022-07-31T19:51:44Z logger.go:66:                       - tokenKeyPair   = {
TestTerraformCompleteExample 2022-07-31T19:51:44Z logger.go:66:                           - directoryPathInContainer = null
TestTerraformCompleteExample 2022-07-31T19:51:44Z logger.go:66:                           - secretRef                = null
TestTerraformCompleteExample 2022-07-31T19:51:44Z logger.go:66:                         }
TestTerraformCompleteExample 2022-07-31T19:51:44Z logger.go:66:                     }
TestTerraformCompleteExample 2022-07-31T19:51:44Z logger.go:66:                 }
TestTerraformCompleteExample 2022-07-31T19:51:44Z logger.go:66:               - storageClass       = {
TestTerraformCompleteExample 2022-07-31T19:51:44Z logger.go:66:                   - name = null
TestTerraformCompleteExample 2022-07-31T19:51:44Z logger.go:66:                 }
TestTerraformCompleteExample 2022-07-31T19:51:44Z logger.go:66:               - telemetry          = {
TestTerraformCompleteExample 2022-07-31T19:51:44Z logger.go:66:                   - global = null
TestTerraformCompleteExample 2022-07-31T19:51:44Z logger.go:66:                 }
TestTerraformCompleteExample 2022-07-31T19:51:44Z logger.go:66:               - tls                = {
TestTerraformCompleteExample 2022-07-31T19:51:44Z logger.go:66:                   - autoGeneratedCerts       = null
TestTerraformCompleteExample 2022-07-31T19:51:44Z logger.go:66:                   - directoryPathInContainer = null
TestTerraformCompleteExample 2022-07-31T19:51:44Z logger.go:66:                   - ignoreTrustStoreConfig   = null
TestTerraformCompleteExample 2022-07-31T19:51:44Z logger.go:66:                   - jksPassword              = {
TestTerraformCompleteExample 2022-07-31T19:51:44Z logger.go:66:                       - secretRef = null
TestTerraformCompleteExample 2022-07-31T19:51:44Z logger.go:66:                     }
TestTerraformCompleteExample 2022-07-31T19:51:44Z logger.go:66:                   - secretRef                = null
TestTerraformCompleteExample 2022-07-31T19:51:44Z logger.go:66:                 }
TestTerraformCompleteExample 2022-07-31T19:51:44Z logger.go:66:             }
TestTerraformCompleteExample 2022-07-31T19:51:44Z logger.go:66:         } -> null
TestTerraformCompleteExample 2022-07-31T19:51:44Z logger.go:66:
TestTerraformCompleteExample 2022-07-31T19:51:44Z logger.go:66:       - timeouts {
TestTerraformCompleteExample 2022-07-31T19:51:44Z logger.go:66:           - create = "1h" -> null
TestTerraformCompleteExample 2022-07-31T19:51:44Z logger.go:66:           - delete = "10m" -> null
TestTerraformCompleteExample 2022-07-31T19:51:44Z logger.go:66:           - update = "1h" -> null
TestTerraformCompleteExample 2022-07-31T19:51:44Z logger.go:66:         }
TestTerraformCompleteExample 2022-07-31T19:51:44Z logger.go:66:
TestTerraformCompleteExample 2022-07-31T19:51:44Z logger.go:66:       - wait {
TestTerraformCompleteExample 2022-07-31T19:51:44Z logger.go:66:           - fields = {
TestTerraformCompleteExample 2022-07-31T19:51:44Z logger.go:66:               - "status.phase" = "RUNNING"
TestTerraformCompleteExample 2022-07-31T19:51:44Z logger.go:66:             } -> null
TestTerraformCompleteExample 2022-07-31T19:51:44Z logger.go:66:         }
TestTerraformCompleteExample 2022-07-31T19:51:44Z logger.go:66:     }
TestTerraformCompleteExample 2022-07-31T19:51:44Z logger.go:66:
TestTerraformCompleteExample 2022-07-31T19:51:44Z logger.go:66:   # module.confluent_platform.kubernetes_manifest.components["zookeeper"] will be destroyed
TestTerraformCompleteExample 2022-07-31T19:51:44Z logger.go:66:   - resource "kubernetes_manifest" "components" {
TestTerraformCompleteExample 2022-07-31T19:51:44Z logger.go:66:       - computed_fields = [
TestTerraformCompleteExample 2022-07-31T19:51:44Z logger.go:66:           - "metadata.finalizers",
TestTerraformCompleteExample 2022-07-31T19:51:44Z logger.go:66:         ] -> null
TestTerraformCompleteExample 2022-07-31T19:51:44Z logger.go:66:       - manifest        = {
TestTerraformCompleteExample 2022-07-31T19:51:44Z logger.go:66:           - apiVersion = "platform.confluent.io/v1beta1"
TestTerraformCompleteExample 2022-07-31T19:51:44Z logger.go:66:           - kind       = "Zookeeper"
TestTerraformCompleteExample 2022-07-31T19:51:44Z logger.go:66:           - metadata   = {
TestTerraformCompleteExample 2022-07-31T19:51:44Z logger.go:66:               - name      = "zookeeper"
TestTerraformCompleteExample 2022-07-31T19:51:44Z logger.go:66:               - namespace = "confluent"
TestTerraformCompleteExample 2022-07-31T19:51:44Z logger.go:66:             }
TestTerraformCompleteExample 2022-07-31T19:51:44Z logger.go:66:           - spec       = {
TestTerraformCompleteExample 2022-07-31T19:51:44Z logger.go:66:               - dataVolumeCapacity = "10Gi"
TestTerraformCompleteExample 2022-07-31T19:51:44Z logger.go:66:               - image              = {
TestTerraformCompleteExample 2022-07-31T19:51:44Z logger.go:66:                   - application = "confluentinc/cp-zookeeper:7.2.0"
TestTerraformCompleteExample 2022-07-31T19:51:44Z logger.go:66:                   - init        = "confluentinc/confluent-init-container:2.4.0"
TestTerraformCompleteExample 2022-07-31T19:51:44Z logger.go:66:                 }
TestTerraformCompleteExample 2022-07-31T19:51:44Z logger.go:66:               - logVolumeCapacity  = "10Gi"
TestTerraformCompleteExample 2022-07-31T19:51:44Z logger.go:66:               - replicas           = "3"
TestTerraformCompleteExample 2022-07-31T19:51:44Z logger.go:66:             }
TestTerraformCompleteExample 2022-07-31T19:51:44Z logger.go:66:         } -> null
TestTerraformCompleteExample 2022-07-31T19:51:44Z logger.go:66:       - object          = {
TestTerraformCompleteExample 2022-07-31T19:51:44Z logger.go:66:           - apiVersion = "platform.confluent.io/v1beta1"
TestTerraformCompleteExample 2022-07-31T19:51:44Z logger.go:66:           - kind       = "Zookeeper"
TestTerraformCompleteExample 2022-07-31T19:51:44Z logger.go:66:           - metadata   = {
TestTerraformCompleteExample 2022-07-31T19:51:44Z logger.go:66:               - annotations                = null
TestTerraformCompleteExample 2022-07-31T19:51:44Z logger.go:66:               - clusterName                = null
TestTerraformCompleteExample 2022-07-31T19:51:44Z logger.go:66:               - creationTimestamp          = null
TestTerraformCompleteExample 2022-07-31T19:51:44Z logger.go:66:               - deletionGracePeriodSeconds = null
TestTerraformCompleteExample 2022-07-31T19:51:44Z logger.go:66:               - deletionTimestamp          = null
TestTerraformCompleteExample 2022-07-31T19:51:44Z logger.go:66:               - finalizers                 = [
TestTerraformCompleteExample 2022-07-31T19:51:44Z logger.go:66:                   - "zookeeper.finalizers.platform.confluent.io",
TestTerraformCompleteExample 2022-07-31T19:51:44Z logger.go:66:                 ]
TestTerraformCompleteExample 2022-07-31T19:51:44Z logger.go:66:               - generateName               = null
TestTerraformCompleteExample 2022-07-31T19:51:44Z logger.go:66:               - generation                 = null
TestTerraformCompleteExample 2022-07-31T19:51:44Z logger.go:66:               - labels                     = null
TestTerraformCompleteExample 2022-07-31T19:51:44Z logger.go:66:               - managedFields              = null
TestTerraformCompleteExample 2022-07-31T19:51:44Z logger.go:66:               - name                       = "zookeeper"
TestTerraformCompleteExample 2022-07-31T19:51:44Z logger.go:66:               - namespace                  = "confluent"
TestTerraformCompleteExample 2022-07-31T19:51:44Z logger.go:66:               - ownerReferences            = null
TestTerraformCompleteExample 2022-07-31T19:51:44Z logger.go:66:               - resourceVersion            = null
TestTerraformCompleteExample 2022-07-31T19:51:44Z logger.go:66:               - selfLink                   = null
TestTerraformCompleteExample 2022-07-31T19:51:44Z logger.go:66:               - uid                        = null
TestTerraformCompleteExample 2022-07-31T19:51:44Z logger.go:66:             }
TestTerraformCompleteExample 2022-07-31T19:51:44Z logger.go:66:           - spec       = {
TestTerraformCompleteExample 2022-07-31T19:51:44Z logger.go:66:               - authentication     = {
TestTerraformCompleteExample 2022-07-31T19:51:44Z logger.go:66:                   - jaasConfig            = {
TestTerraformCompleteExample 2022-07-31T19:51:44Z logger.go:66:                       - secretRef = null
TestTerraformCompleteExample 2022-07-31T19:51:44Z logger.go:66:                     }
TestTerraformCompleteExample 2022-07-31T19:51:44Z logger.go:66:                   - jaasConfigPassThrough = {
TestTerraformCompleteExample 2022-07-31T19:51:44Z logger.go:66:                       - directoryPathInContainer = null
TestTerraformCompleteExample 2022-07-31T19:51:44Z logger.go:66:                       - secretRef                = null
TestTerraformCompleteExample 2022-07-31T19:51:44Z logger.go:66:                     }
TestTerraformCompleteExample 2022-07-31T19:51:44Z logger.go:66:                   - principalMappingRules = null
TestTerraformCompleteExample 2022-07-31T19:51:44Z logger.go:66:                   - type                  = null
TestTerraformCompleteExample 2022-07-31T19:51:44Z logger.go:66:                 }
TestTerraformCompleteExample 2022-07-31T19:51:44Z logger.go:66:               - configOverrides    = {
TestTerraformCompleteExample 2022-07-31T19:51:44Z logger.go:66:                   - jvm    = null
TestTerraformCompleteExample 2022-07-31T19:51:44Z logger.go:66:                   - log4j  = null
TestTerraformCompleteExample 2022-07-31T19:51:44Z logger.go:66:                   - peers  = null
TestTerraformCompleteExample 2022-07-31T19:51:44Z logger.go:66:                   - server = null
TestTerraformCompleteExample 2022-07-31T19:51:44Z logger.go:66:                 }
TestTerraformCompleteExample 2022-07-31T19:51:44Z logger.go:66:               - dataVolumeCapacity = "10Gi"
TestTerraformCompleteExample 2022-07-31T19:51:44Z logger.go:66:               - headlessService    = {
TestTerraformCompleteExample 2022-07-31T19:51:44Z logger.go:66:                   - annotations              = null
TestTerraformCompleteExample 2022-07-31T19:51:44Z logger.go:66:                   - labels                   = null
TestTerraformCompleteExample 2022-07-31T19:51:44Z logger.go:66:                   - publishNotReadyAddresses = null
TestTerraformCompleteExample 2022-07-31T19:51:44Z logger.go:66:                 }
TestTerraformCompleteExample 2022-07-31T19:51:44Z logger.go:66:               - image              = {
TestTerraformCompleteExample 2022-07-31T19:51:44Z logger.go:66:                   - application   = "confluentinc/cp-zookeeper:7.2.0"
TestTerraformCompleteExample 2022-07-31T19:51:44Z logger.go:66:                   - init          = "confluentinc/confluent-init-container:2.4.0"
TestTerraformCompleteExample 2022-07-31T19:51:44Z logger.go:66:                   - pullPolicy    = null
TestTerraformCompleteExample 2022-07-31T19:51:44Z logger.go:66:                   - pullSecretRef = null
TestTerraformCompleteExample 2022-07-31T19:51:44Z logger.go:66:                 }
TestTerraformCompleteExample 2022-07-31T19:51:44Z logger.go:66:               - injectAnnotations  = null
TestTerraformCompleteExample 2022-07-31T19:51:44Z logger.go:66:               - injectLabels       = null
TestTerraformCompleteExample 2022-07-31T19:51:44Z logger.go:66:               - k8sClusterDomain   = null
TestTerraformCompleteExample 2022-07-31T19:51:44Z logger.go:66:               - license            = {
TestTerraformCompleteExample 2022-07-31T19:51:44Z logger.go:66:                   - directoryPathInContainer = null
TestTerraformCompleteExample 2022-07-31T19:51:44Z logger.go:66:                   - globalLicense            = null
TestTerraformCompleteExample 2022-07-31T19:51:44Z logger.go:66:                   - secretRef                = null
TestTerraformCompleteExample 2022-07-31T19:51:44Z logger.go:66:                 }
TestTerraformCompleteExample 2022-07-31T19:51:44Z logger.go:66:               - logVolumeCapacity  = "10Gi"
TestTerraformCompleteExample 2022-07-31T19:51:44Z logger.go:66:               - metrics            = {
TestTerraformCompleteExample 2022-07-31T19:51:44Z logger.go:66:                   - authentication = {
TestTerraformCompleteExample 2022-07-31T19:51:44Z logger.go:66:                       - type = null
TestTerraformCompleteExample 2022-07-31T19:51:44Z logger.go:66:                     }
TestTerraformCompleteExample 2022-07-31T19:51:44Z logger.go:66:                   - prometheus     = {
TestTerraformCompleteExample 2022-07-31T19:51:44Z logger.go:66:                       - blacklist = null
TestTerraformCompleteExample 2022-07-31T19:51:44Z logger.go:66:                       - rules     = null
TestTerraformCompleteExample 2022-07-31T19:51:44Z logger.go:66:                       - whitelist = null
TestTerraformCompleteExample 2022-07-31T19:51:44Z logger.go:66:                     }
TestTerraformCompleteExample 2022-07-31T19:51:44Z logger.go:66:                   - tls            = {
TestTerraformCompleteExample 2022-07-31T19:51:44Z logger.go:66:                       - directoryPathInContainer = null
TestTerraformCompleteExample 2022-07-31T19:51:44Z logger.go:66:                       - enabled                  = null
TestTerraformCompleteExample 2022-07-31T19:51:44Z logger.go:66:                       - ignoreTrustStoreConfig   = null
TestTerraformCompleteExample 2022-07-31T19:51:44Z logger.go:66:                       - jksPassword              = {
TestTerraformCompleteExample 2022-07-31T19:51:44Z logger.go:66:                           - secretRef = null
TestTerraformCompleteExample 2022-07-31T19:51:44Z logger.go:66:                         }
TestTerraformCompleteExample 2022-07-31T19:51:44Z logger.go:66:                       - secretRef                = null
TestTerraformCompleteExample 2022-07-31T19:51:44Z logger.go:66:                     }
TestTerraformCompleteExample 2022-07-31T19:51:44Z logger.go:66:                 }
TestTerraformCompleteExample 2022-07-31T19:51:44Z logger.go:66:               - mountedSecrets     = null
TestTerraformCompleteExample 2022-07-31T19:51:44Z logger.go:66:               - mountedVolumes     = {
TestTerraformCompleteExample 2022-07-31T19:51:44Z logger.go:66:                   - volumeMounts = null
TestTerraformCompleteExample 2022-07-31T19:51:44Z logger.go:66:                   - volumes      = null
TestTerraformCompleteExample 2022-07-31T19:51:44Z logger.go:66:                 }
TestTerraformCompleteExample 2022-07-31T19:51:44Z logger.go:66:               - oneReplicaPerNode  = null
TestTerraformCompleteExample 2022-07-31T19:51:44Z logger.go:66:               - podTemplate        = {
TestTerraformCompleteExample 2022-07-31T19:51:44Z logger.go:66:                   - affinity                      = {
TestTerraformCompleteExample 2022-07-31T19:51:44Z logger.go:66:                       - nodeAffinity    = {
TestTerraformCompleteExample 2022-07-31T19:51:44Z logger.go:66:                           - preferredDuringSchedulingIgnoredDuringExecution = null
TestTerraformCompleteExample 2022-07-31T19:51:44Z logger.go:66:                           - requiredDuringSchedulingIgnoredDuringExecution  = {
TestTerraformCompleteExample 2022-07-31T19:51:44Z logger.go:66:                               - nodeSelectorTerms = null
TestTerraformCompleteExample 2022-07-31T19:51:44Z logger.go:66:                             }
TestTerraformCompleteExample 2022-07-31T19:51:44Z logger.go:66:                         }
TestTerraformCompleteExample 2022-07-31T19:51:44Z logger.go:66:                       - podAffinity     = {
TestTerraformCompleteExample 2022-07-31T19:51:44Z logger.go:66:                           - preferredDuringSchedulingIgnoredDuringExecution = null
TestTerraformCompleteExample 2022-07-31T19:51:44Z logger.go:66:                           - requiredDuringSchedulingIgnoredDuringExecution  = null
TestTerraformCompleteExample 2022-07-31T19:51:44Z logger.go:66:                         }
TestTerraformCompleteExample 2022-07-31T19:51:44Z logger.go:66:                       - podAntiAffinity = {
TestTerraformCompleteExample 2022-07-31T19:51:44Z logger.go:66:                           - preferredDuringSchedulingIgnoredDuringExecution = null
TestTerraformCompleteExample 2022-07-31T19:51:44Z logger.go:66:                           - requiredDuringSchedulingIgnoredDuringExecution  = null
TestTerraformCompleteExample 2022-07-31T19:51:44Z logger.go:66:                         }
TestTerraformCompleteExample 2022-07-31T19:51:44Z logger.go:66:                     }
TestTerraformCompleteExample 2022-07-31T19:51:44Z logger.go:66:                   - annotations                   = null
TestTerraformCompleteExample 2022-07-31T19:51:44Z logger.go:66:                   - envVars                       = null
TestTerraformCompleteExample 2022-07-31T19:51:44Z logger.go:66:                   - labels                        = null
TestTerraformCompleteExample 2022-07-31T19:51:44Z logger.go:66:                   - podSecurityContext            = {
TestTerraformCompleteExample 2022-07-31T19:51:44Z logger.go:66:                       - fsGroup             = null
TestTerraformCompleteExample 2022-07-31T19:51:44Z logger.go:66:                       - fsGroupChangePolicy = null
TestTerraformCompleteExample 2022-07-31T19:51:44Z logger.go:66:                       - runAsGroup          = null
TestTerraformCompleteExample 2022-07-31T19:51:44Z logger.go:66:                       - runAsNonRoot        = null
TestTerraformCompleteExample 2022-07-31T19:51:44Z logger.go:66:                       - runAsUser           = null
TestTerraformCompleteExample 2022-07-31T19:51:44Z logger.go:66:                       - seLinuxOptions      = {
TestTerraformCompleteExample 2022-07-31T19:51:44Z logger.go:66:                           - level = null
TestTerraformCompleteExample 2022-07-31T19:51:44Z logger.go:66:                           - role  = null
TestTerraformCompleteExample 2022-07-31T19:51:44Z logger.go:66:                           - type  = null
TestTerraformCompleteExample 2022-07-31T19:51:44Z logger.go:66:                           - user  = null
TestTerraformCompleteExample 2022-07-31T19:51:44Z logger.go:66:                         }
TestTerraformCompleteExample 2022-07-31T19:51:44Z logger.go:66:                       - seccompProfile      = {
TestTerraformCompleteExample 2022-07-31T19:51:44Z logger.go:66:                           - localhostProfile = null
TestTerraformCompleteExample 2022-07-31T19:51:44Z logger.go:66:                           - type             = null
TestTerraformCompleteExample 2022-07-31T19:51:44Z logger.go:66:                         }
TestTerraformCompleteExample 2022-07-31T19:51:44Z logger.go:66:                       - supplementalGroups  = null
TestTerraformCompleteExample 2022-07-31T19:51:44Z logger.go:66:                       - sysctls             = null
TestTerraformCompleteExample 2022-07-31T19:51:44Z logger.go:66:                       - windowsOptions      = {
TestTerraformCompleteExample 2022-07-31T19:51:44Z logger.go:66:                           - gmsaCredentialSpec     = null
TestTerraformCompleteExample 2022-07-31T19:51:44Z logger.go:66:                           - gmsaCredentialSpecName = null
TestTerraformCompleteExample 2022-07-31T19:51:44Z logger.go:66:                           - hostProcess            = null
TestTerraformCompleteExample 2022-07-31T19:51:44Z logger.go:66:                           - runAsUserName          = null
TestTerraformCompleteExample 2022-07-31T19:51:44Z logger.go:66:                         }
TestTerraformCompleteExample 2022-07-31T19:51:44Z logger.go:66:                     }
TestTerraformCompleteExample 2022-07-31T19:51:44Z logger.go:66:                   - priorityClassName             = null
TestTerraformCompleteExample 2022-07-31T19:51:44Z logger.go:66:                   - probe                         = {
TestTerraformCompleteExample 2022-07-31T19:51:44Z logger.go:66:                       - liveness  = {
TestTerraformCompleteExample 2022-07-31T19:51:44Z logger.go:66:                           - failureThreshold    = null
TestTerraformCompleteExample 2022-07-31T19:51:44Z logger.go:66:                           - initialDelaySeconds = null
TestTerraformCompleteExample 2022-07-31T19:51:44Z logger.go:66:                           - periodSeconds       = null
TestTerraformCompleteExample 2022-07-31T19:51:44Z logger.go:66:                           - successThreshold    = null
TestTerraformCompleteExample 2022-07-31T19:51:44Z logger.go:66:                           - timeoutSeconds      = null
TestTerraformCompleteExample 2022-07-31T19:51:44Z logger.go:66:                         }
TestTerraformCompleteExample 2022-07-31T19:51:44Z logger.go:66:                       - readiness = {
TestTerraformCompleteExample 2022-07-31T19:51:44Z logger.go:66:                           - failureThreshold    = null
TestTerraformCompleteExample 2022-07-31T19:51:44Z logger.go:66:                           - initialDelaySeconds = null
TestTerraformCompleteExample 2022-07-31T19:51:44Z logger.go:66:                           - periodSeconds       = null
TestTerraformCompleteExample 2022-07-31T19:51:44Z logger.go:66:                           - successThreshold    = null
TestTerraformCompleteExample 2022-07-31T19:51:44Z logger.go:66:                           - timeoutSeconds      = null
TestTerraformCompleteExample 2022-07-31T19:51:44Z logger.go:66:                         }
TestTerraformCompleteExample 2022-07-31T19:51:44Z logger.go:66:                     }
TestTerraformCompleteExample 2022-07-31T19:51:44Z logger.go:66:                   - resources                     = {
TestTerraformCompleteExample 2022-07-31T19:51:44Z logger.go:66:                       - limits   = null
TestTerraformCompleteExample 2022-07-31T19:51:44Z logger.go:66:                       - requests = null
TestTerraformCompleteExample 2022-07-31T19:51:44Z logger.go:66:                     }
TestTerraformCompleteExample 2022-07-31T19:51:44Z logger.go:66:                   - securityContext               = {
TestTerraformCompleteExample 2022-07-31T19:51:44Z logger.go:66:                       - allowPrivilegeEscalation = null
TestTerraformCompleteExample 2022-07-31T19:51:44Z logger.go:66:                       - capabilities             = {
TestTerraformCompleteExample 2022-07-31T19:51:44Z logger.go:66:                           - add  = null
TestTerraformCompleteExample 2022-07-31T19:51:44Z logger.go:66:                           - drop = null
TestTerraformCompleteExample 2022-07-31T19:51:44Z logger.go:66:                         }
TestTerraformCompleteExample 2022-07-31T19:51:44Z logger.go:66:                       - privileged               = null
TestTerraformCompleteExample 2022-07-31T19:51:44Z logger.go:66:                       - procMount                = null
TestTerraformCompleteExample 2022-07-31T19:51:44Z logger.go:66:                       - readOnlyRootFilesystem   = null
TestTerraformCompleteExample 2022-07-31T19:51:44Z logger.go:66:                       - runAsGroup               = null
TestTerraformCompleteExample 2022-07-31T19:51:44Z logger.go:66:                       - runAsNonRoot             = null
TestTerraformCompleteExample 2022-07-31T19:51:44Z logger.go:66:                       - runAsUser                = null
TestTerraformCompleteExample 2022-07-31T19:51:44Z logger.go:66:                       - seLinuxOptions           = {
TestTerraformCompleteExample 2022-07-31T19:51:44Z logger.go:66:                           - level = null
TestTerraformCompleteExample 2022-07-31T19:51:44Z logger.go:66:                           - role  = null
TestTerraformCompleteExample 2022-07-31T19:51:44Z logger.go:66:                           - type  = null
TestTerraformCompleteExample 2022-07-31T19:51:44Z logger.go:66:                           - user  = null
TestTerraformCompleteExample 2022-07-31T19:51:44Z logger.go:66:                         }
TestTerraformCompleteExample 2022-07-31T19:51:44Z logger.go:66:                       - seccompProfile           = {
TestTerraformCompleteExample 2022-07-31T19:51:44Z logger.go:66:                           - localhostProfile = null
TestTerraformCompleteExample 2022-07-31T19:51:44Z logger.go:66:                           - type             = null
TestTerraformCompleteExample 2022-07-31T19:51:44Z logger.go:66:                         }
TestTerraformCompleteExample 2022-07-31T19:51:44Z logger.go:66:                       - windowsOptions           = {
TestTerraformCompleteExample 2022-07-31T19:51:44Z logger.go:66:                           - gmsaCredentialSpec     = null
TestTerraformCompleteExample 2022-07-31T19:51:44Z logger.go:66:                           - gmsaCredentialSpecName = null
TestTerraformCompleteExample 2022-07-31T19:51:44Z logger.go:66:                           - hostProcess            = null
TestTerraformCompleteExample 2022-07-31T19:51:44Z logger.go:66:                           - runAsUserName          = null
TestTerraformCompleteExample 2022-07-31T19:51:44Z logger.go:66:                         }
TestTerraformCompleteExample 2022-07-31T19:51:44Z logger.go:66:                     }
TestTerraformCompleteExample 2022-07-31T19:51:44Z logger.go:66:                   - serviceAccountName            = null
TestTerraformCompleteExample 2022-07-31T19:51:44Z logger.go:66:                   - terminationGracePeriodSeconds = null
TestTerraformCompleteExample 2022-07-31T19:51:44Z logger.go:66:                   - tolerations                   = null
TestTerraformCompleteExample 2022-07-31T19:51:44Z logger.go:66:                   - topologySpreadConstraints     = null
TestTerraformCompleteExample 2022-07-31T19:51:44Z logger.go:66:                 }
TestTerraformCompleteExample 2022-07-31T19:51:44Z logger.go:66:               - replicas           = 3
TestTerraformCompleteExample 2022-07-31T19:51:44Z logger.go:66:               - storageClass       = {
TestTerraformCompleteExample 2022-07-31T19:51:44Z logger.go:66:                   - name = null
TestTerraformCompleteExample 2022-07-31T19:51:44Z logger.go:66:                 }
TestTerraformCompleteExample 2022-07-31T19:51:44Z logger.go:66:               - tls                = {
TestTerraformCompleteExample 2022-07-31T19:51:44Z logger.go:66:                   - autoGeneratedCerts       = null
TestTerraformCompleteExample 2022-07-31T19:51:44Z logger.go:66:                   - directoryPathInContainer = null
TestTerraformCompleteExample 2022-07-31T19:51:44Z logger.go:66:                   - ignoreTrustStoreConfig   = null
TestTerraformCompleteExample 2022-07-31T19:51:44Z logger.go:66:                   - jksPassword              = {
TestTerraformCompleteExample 2022-07-31T19:51:44Z logger.go:66:                       - secretRef = null
TestTerraformCompleteExample 2022-07-31T19:51:44Z logger.go:66:                     }
TestTerraformCompleteExample 2022-07-31T19:51:44Z logger.go:66:                   - secretRef                = null
TestTerraformCompleteExample 2022-07-31T19:51:44Z logger.go:66:                 }
TestTerraformCompleteExample 2022-07-31T19:51:44Z logger.go:66:             }
TestTerraformCompleteExample 2022-07-31T19:51:44Z logger.go:66:         } -> null
TestTerraformCompleteExample 2022-07-31T19:51:44Z logger.go:66:
TestTerraformCompleteExample 2022-07-31T19:51:44Z logger.go:66:       - timeouts {
TestTerraformCompleteExample 2022-07-31T19:51:44Z logger.go:66:           - create = "1h" -> null
TestTerraformCompleteExample 2022-07-31T19:51:44Z logger.go:66:           - delete = "10m" -> null
TestTerraformCompleteExample 2022-07-31T19:51:44Z logger.go:66:           - update = "1h" -> null
TestTerraformCompleteExample 2022-07-31T19:51:44Z logger.go:66:         }
TestTerraformCompleteExample 2022-07-31T19:51:44Z logger.go:66:
TestTerraformCompleteExample 2022-07-31T19:51:44Z logger.go:66:       - wait {
TestTerraformCompleteExample 2022-07-31T19:51:44Z logger.go:66:           - fields = {
TestTerraformCompleteExample 2022-07-31T19:51:44Z logger.go:66:               - "status.phase" = "RUNNING"
TestTerraformCompleteExample 2022-07-31T19:51:44Z logger.go:66:             } -> null
TestTerraformCompleteExample 2022-07-31T19:51:44Z logger.go:66:         }
TestTerraformCompleteExample 2022-07-31T19:51:44Z logger.go:66:     }
TestTerraformCompleteExample 2022-07-31T19:51:44Z logger.go:66:
TestTerraformCompleteExample 2022-07-31T19:51:44Z logger.go:66:   # module.confluent_platform.module.confluent_operator[0].helm_release.confluent_operator[0] will be destroyed
TestTerraformCompleteExample 2022-07-31T19:51:44Z logger.go:66:   - resource "helm_release" "confluent_operator" {
TestTerraformCompleteExample 2022-07-31T19:51:44Z logger.go:66:       - atomic                     = false -> null
TestTerraformCompleteExample 2022-07-31T19:51:44Z logger.go:66:       - chart                      = "confluent-for-kubernetes" -> null
TestTerraformCompleteExample 2022-07-31T19:51:44Z logger.go:66:       - cleanup_on_fail            = false -> null
TestTerraformCompleteExample 2022-07-31T19:51:44Z logger.go:66:       - create_namespace           = false -> null
TestTerraformCompleteExample 2022-07-31T19:51:44Z logger.go:66:       - dependency_update          = false -> null
TestTerraformCompleteExample 2022-07-31T19:51:44Z logger.go:66:       - disable_crd_hooks          = false -> null
TestTerraformCompleteExample 2022-07-31T19:51:44Z logger.go:66:       - disable_openapi_validation = false -> null
TestTerraformCompleteExample 2022-07-31T19:51:44Z logger.go:66:       - disable_webhooks           = false -> null
TestTerraformCompleteExample 2022-07-31T19:51:44Z logger.go:66:       - force_update               = false -> null
TestTerraformCompleteExample 2022-07-31T19:51:44Z logger.go:66:       - id                         = "confluent-operator" -> null
TestTerraformCompleteExample 2022-07-31T19:51:44Z logger.go:66:       - lint                       = false -> null
TestTerraformCompleteExample 2022-07-31T19:51:44Z logger.go:66:       - max_history                = 0 -> null
TestTerraformCompleteExample 2022-07-31T19:51:44Z logger.go:66:       - metadata                   = [
TestTerraformCompleteExample 2022-07-31T19:51:44Z logger.go:66:           - {
TestTerraformCompleteExample 2022-07-31T19:51:44Z logger.go:66:               - app_version = "2.4.0"
TestTerraformCompleteExample 2022-07-31T19:51:44Z logger.go:66:               - chart       = "confluent-for-kubernetes"
TestTerraformCompleteExample 2022-07-31T19:51:44Z logger.go:66:               - name        = "confluent-operator"
TestTerraformCompleteExample 2022-07-31T19:51:44Z logger.go:66:               - namespace   = "confluent"
TestTerraformCompleteExample 2022-07-31T19:51:44Z logger.go:66:               - revision    = 1
TestTerraformCompleteExample 2022-07-31T19:51:44Z logger.go:66:               - values      = "null"
TestTerraformCompleteExample 2022-07-31T19:51:44Z logger.go:66:               - version     = "0.517.12"
TestTerraformCompleteExample 2022-07-31T19:51:44Z logger.go:66:             },
TestTerraformCompleteExample 2022-07-31T19:51:44Z logger.go:66:         ] -> null
TestTerraformCompleteExample 2022-07-31T19:51:44Z logger.go:66:       - name                       = "confluent-operator" -> null
TestTerraformCompleteExample 2022-07-31T19:51:44Z logger.go:66:       - namespace                  = "confluent" -> null
TestTerraformCompleteExample 2022-07-31T19:51:44Z logger.go:66:       - pass_credentials           = false -> null
TestTerraformCompleteExample 2022-07-31T19:51:44Z logger.go:66:       - recreate_pods              = false -> null
TestTerraformCompleteExample 2022-07-31T19:51:44Z logger.go:66:       - render_subchart_notes      = true -> null
TestTerraformCompleteExample 2022-07-31T19:51:44Z logger.go:66:       - replace                    = false -> null
TestTerraformCompleteExample 2022-07-31T19:51:44Z logger.go:66:       - repository                 = "https://packages.confluent.io/helm" -> null
TestTerraformCompleteExample 2022-07-31T19:51:44Z logger.go:66:       - reset_values               = false -> null
TestTerraformCompleteExample 2022-07-31T19:51:44Z logger.go:66:       - reuse_values               = false -> null
TestTerraformCompleteExample 2022-07-31T19:51:44Z logger.go:66:       - skip_crds                  = false -> null
TestTerraformCompleteExample 2022-07-31T19:51:44Z logger.go:66:       - status                     = "deployed" -> null
TestTerraformCompleteExample 2022-07-31T19:51:44Z logger.go:66:       - timeout                    = 300 -> null
TestTerraformCompleteExample 2022-07-31T19:51:44Z logger.go:66:       - values                     = [] -> null
TestTerraformCompleteExample 2022-07-31T19:51:44Z logger.go:66:       - verify                     = false -> null
TestTerraformCompleteExample 2022-07-31T19:51:44Z logger.go:66:       - version                    = "0.517.12" -> null
TestTerraformCompleteExample 2022-07-31T19:51:44Z logger.go:66:       - wait                       = true -> null
TestTerraformCompleteExample 2022-07-31T19:51:44Z logger.go:66:       - wait_for_jobs              = true -> null
TestTerraformCompleteExample 2022-07-31T19:51:44Z logger.go:66:     }
TestTerraformCompleteExample 2022-07-31T19:51:44Z logger.go:66:
TestTerraformCompleteExample 2022-07-31T19:51:44Z logger.go:66:   # module.confluent_platform.module.confluent_operator[0].kubernetes_namespace_v1.namespace[0] will be destroyed
TestTerraformCompleteExample 2022-07-31T19:51:44Z logger.go:66:   - resource "kubernetes_namespace_v1" "namespace" {
TestTerraformCompleteExample 2022-07-31T19:51:44Z logger.go:66:       - id = "confluent" -> null
TestTerraformCompleteExample 2022-07-31T19:51:44Z logger.go:66:
TestTerraformCompleteExample 2022-07-31T19:51:44Z logger.go:66:       - metadata {
TestTerraformCompleteExample 2022-07-31T19:51:44Z logger.go:66:           - annotations      = {} -> null
TestTerraformCompleteExample 2022-07-31T19:51:44Z logger.go:66:           - generation       = 0 -> null
TestTerraformCompleteExample 2022-07-31T19:51:44Z logger.go:66:           - labels           = {} -> null
TestTerraformCompleteExample 2022-07-31T19:51:44Z logger.go:66:           - name             = "confluent" -> null
TestTerraformCompleteExample 2022-07-31T19:51:44Z logger.go:66:           - resource_version = "18085" -> null
TestTerraformCompleteExample 2022-07-31T19:51:44Z logger.go:66:           - uid              = "d81f7564-6783-4080-9341-01daef4bbe6b" -> null
TestTerraformCompleteExample 2022-07-31T19:51:44Z logger.go:66:         }
TestTerraformCompleteExample 2022-07-31T19:51:44Z logger.go:66:     }
TestTerraformCompleteExample 2022-07-31T19:51:44Z logger.go:66:
TestTerraformCompleteExample 2022-07-31T19:51:44Z logger.go:66:   # module.confluent_platform.module.kafka_topics["my-other-topic"].kubernetes_manifest.topic will be destroyed
TestTerraformCompleteExample 2022-07-31T19:51:44Z logger.go:66:   - resource "kubernetes_manifest" "topic" {
TestTerraformCompleteExample 2022-07-31T19:51:44Z logger.go:66:       - computed_fields = [
TestTerraformCompleteExample 2022-07-31T19:51:44Z logger.go:66:           - "metadata.finalizers",
TestTerraformCompleteExample 2022-07-31T19:51:44Z logger.go:66:         ] -> null
TestTerraformCompleteExample 2022-07-31T19:51:44Z logger.go:66:       - manifest        = {
TestTerraformCompleteExample 2022-07-31T19:51:44Z logger.go:66:           - apiVersion = "platform.confluent.io/v1beta1"
TestTerraformCompleteExample 2022-07-31T19:51:44Z logger.go:66:           - kind       = "KafkaTopic"
TestTerraformCompleteExample 2022-07-31T19:51:44Z logger.go:66:           - metadata   = {
TestTerraformCompleteExample 2022-07-31T19:51:44Z logger.go:66:               - name      = "my-other-topic"
TestTerraformCompleteExample 2022-07-31T19:51:44Z logger.go:66:               - namespace = "confluent"
TestTerraformCompleteExample 2022-07-31T19:51:44Z logger.go:66:             }
TestTerraformCompleteExample 2022-07-31T19:51:44Z logger.go:66:           - spec       = {
TestTerraformCompleteExample 2022-07-31T19:51:44Z logger.go:66:               - configs        = {
TestTerraformCompleteExample 2022-07-31T19:51:44Z logger.go:66:                   - "cleanup.policy" = "delete"
TestTerraformCompleteExample 2022-07-31T19:51:44Z logger.go:66:                 }
TestTerraformCompleteExample 2022-07-31T19:51:44Z logger.go:66:               - partitionCount = 3
TestTerraformCompleteExample 2022-07-31T19:51:44Z logger.go:66:               - replicas       = 3
TestTerraformCompleteExample 2022-07-31T19:51:44Z logger.go:66:             }
TestTerraformCompleteExample 2022-07-31T19:51:44Z logger.go:66:         } -> null
TestTerraformCompleteExample 2022-07-31T19:51:44Z logger.go:66:       - object          = {
TestTerraformCompleteExample 2022-07-31T19:51:44Z logger.go:66:           - apiVersion = "platform.confluent.io/v1beta1"
TestTerraformCompleteExample 2022-07-31T19:51:44Z logger.go:66:           - kind       = "KafkaTopic"
TestTerraformCompleteExample 2022-07-31T19:51:44Z logger.go:66:           - metadata   = {
TestTerraformCompleteExample 2022-07-31T19:51:44Z logger.go:66:               - annotations                = {
TestTerraformCompleteExample 2022-07-31T19:51:44Z logger.go:66:                   - "platform.confluent.io/last-spec-hash" = "7i6/qOJHLetfg5ZGkh0Cl1rS/27WOe+EQCiKKuet8rE="
TestTerraformCompleteExample 2022-07-31T19:51:44Z logger.go:66:                 }
TestTerraformCompleteExample 2022-07-31T19:51:44Z logger.go:66:               - clusterName                = null
TestTerraformCompleteExample 2022-07-31T19:51:44Z logger.go:66:               - creationTimestamp          = null
TestTerraformCompleteExample 2022-07-31T19:51:44Z logger.go:66:               - deletionGracePeriodSeconds = null
TestTerraformCompleteExample 2022-07-31T19:51:44Z logger.go:66:               - deletionTimestamp          = null
TestTerraformCompleteExample 2022-07-31T19:51:44Z logger.go:66:               - finalizers                 = [
TestTerraformCompleteExample 2022-07-31T19:51:44Z logger.go:66:                   - "kafkatopic.finalizers.platform.confluent.io",
TestTerraformCompleteExample 2022-07-31T19:51:44Z logger.go:66:                 ]
TestTerraformCompleteExample 2022-07-31T19:51:44Z logger.go:66:               - generateName               = null
TestTerraformCompleteExample 2022-07-31T19:51:44Z logger.go:66:               - generation                 = null
TestTerraformCompleteExample 2022-07-31T19:51:44Z logger.go:66:               - labels                     = null
TestTerraformCompleteExample 2022-07-31T19:51:44Z logger.go:66:               - managedFields              = null
TestTerraformCompleteExample 2022-07-31T19:51:44Z logger.go:66:               - name                       = "my-other-topic"
TestTerraformCompleteExample 2022-07-31T19:51:44Z logger.go:66:               - namespace                  = "confluent"
TestTerraformCompleteExample 2022-07-31T19:51:44Z logger.go:66:               - ownerReferences            = [
TestTerraformCompleteExample 2022-07-31T19:51:44Z logger.go:66:                   - {
TestTerraformCompleteExample 2022-07-31T19:51:44Z logger.go:66:                       - apiVersion         = "platform.confluent.io/v1beta1"
TestTerraformCompleteExample 2022-07-31T19:51:44Z logger.go:66:                       - blockOwnerDeletion = true
TestTerraformCompleteExample 2022-07-31T19:51:44Z logger.go:66:                       - controller         = true
TestTerraformCompleteExample 2022-07-31T19:51:44Z logger.go:66:                       - kind               = "Kafka"
TestTerraformCompleteExample 2022-07-31T19:51:44Z logger.go:66:                       - name               = "kafka"
TestTerraformCompleteExample 2022-07-31T19:51:44Z logger.go:66:                       - uid                = "83f3a1be-26ba-403a-bdbc-0f6a04a1449f"
TestTerraformCompleteExample 2022-07-31T19:51:44Z logger.go:66:                     },
TestTerraformCompleteExample 2022-07-31T19:51:44Z logger.go:66:                 ]
TestTerraformCompleteExample 2022-07-31T19:51:44Z logger.go:66:               - resourceVersion            = null
TestTerraformCompleteExample 2022-07-31T19:51:44Z logger.go:66:               - selfLink                   = null
TestTerraformCompleteExample 2022-07-31T19:51:44Z logger.go:66:               - uid                        = null
TestTerraformCompleteExample 2022-07-31T19:51:44Z logger.go:66:             }
TestTerraformCompleteExample 2022-07-31T19:51:44Z logger.go:66:           - spec       = {
TestTerraformCompleteExample 2022-07-31T19:51:44Z logger.go:66:               - configs           = {
TestTerraformCompleteExample 2022-07-31T19:51:44Z logger.go:66:                   - "cleanup.policy" = "delete"
TestTerraformCompleteExample 2022-07-31T19:51:44Z logger.go:66:                 }
TestTerraformCompleteExample 2022-07-31T19:51:44Z logger.go:66:               - kafkaClusterRef   = {
TestTerraformCompleteExample 2022-07-31T19:51:44Z logger.go:66:                   - name      = null
TestTerraformCompleteExample 2022-07-31T19:51:44Z logger.go:66:                   - namespace = null
TestTerraformCompleteExample 2022-07-31T19:51:44Z logger.go:66:                 }
TestTerraformCompleteExample 2022-07-31T19:51:44Z logger.go:66:               - kafkaRest         = {
TestTerraformCompleteExample 2022-07-31T19:51:44Z logger.go:66:                   - authentication = {
TestTerraformCompleteExample 2022-07-31T19:51:44Z logger.go:66:                       - basic  = {
TestTerraformCompleteExample 2022-07-31T19:51:44Z logger.go:66:                           - debug                    = null
TestTerraformCompleteExample 2022-07-31T19:51:44Z logger.go:66:                           - directoryPathInContainer = null
TestTerraformCompleteExample 2022-07-31T19:51:44Z logger.go:66:                           - restrictedRoles          = null
TestTerraformCompleteExample 2022-07-31T19:51:44Z logger.go:66:                           - roles                    = null
TestTerraformCompleteExample 2022-07-31T19:51:44Z logger.go:66:                           - secretRef                = null
TestTerraformCompleteExample 2022-07-31T19:51:44Z logger.go:66:                         }
TestTerraformCompleteExample 2022-07-31T19:51:44Z logger.go:66:                       - bearer = {
TestTerraformCompleteExample 2022-07-31T19:51:44Z logger.go:66:                           - directoryPathInContainer = null
TestTerraformCompleteExample 2022-07-31T19:51:44Z logger.go:66:                           - secretRef                = null
TestTerraformCompleteExample 2022-07-31T19:51:44Z logger.go:66:                         }
TestTerraformCompleteExample 2022-07-31T19:51:44Z logger.go:66:                       - type   = null
TestTerraformCompleteExample 2022-07-31T19:51:44Z logger.go:66:                     }
TestTerraformCompleteExample 2022-07-31T19:51:44Z logger.go:66:                   - endpoint       = null
TestTerraformCompleteExample 2022-07-31T19:51:44Z logger.go:66:                   - kafkaClusterID = null
TestTerraformCompleteExample 2022-07-31T19:51:44Z logger.go:66:                   - tls            = {
TestTerraformCompleteExample 2022-07-31T19:51:44Z logger.go:66:                       - directoryPathInContainer = null
TestTerraformCompleteExample 2022-07-31T19:51:44Z logger.go:66:                       - jksPassword              = {
TestTerraformCompleteExample 2022-07-31T19:51:44Z logger.go:66:                           - secretRef = null
TestTerraformCompleteExample 2022-07-31T19:51:44Z logger.go:66:                         }
TestTerraformCompleteExample 2022-07-31T19:51:44Z logger.go:66:                       - secretRef                = null
TestTerraformCompleteExample 2022-07-31T19:51:44Z logger.go:66:                     }
TestTerraformCompleteExample 2022-07-31T19:51:44Z logger.go:66:                 }
TestTerraformCompleteExample 2022-07-31T19:51:44Z logger.go:66:               - kafkaRestClassRef = {
TestTerraformCompleteExample 2022-07-31T19:51:44Z logger.go:66:                   - name      = null
TestTerraformCompleteExample 2022-07-31T19:51:44Z logger.go:66:                   - namespace = null
TestTerraformCompleteExample 2022-07-31T19:51:44Z logger.go:66:                 }
TestTerraformCompleteExample 2022-07-31T19:51:44Z logger.go:66:               - name              = null
TestTerraformCompleteExample 2022-07-31T19:51:44Z logger.go:66:               - partitionCount    = 3
TestTerraformCompleteExample 2022-07-31T19:51:44Z logger.go:66:               - replicas          = 3
TestTerraformCompleteExample 2022-07-31T19:51:44Z logger.go:66:             }
TestTerraformCompleteExample 2022-07-31T19:51:44Z logger.go:66:         } -> null
TestTerraformCompleteExample 2022-07-31T19:51:44Z logger.go:66:
TestTerraformCompleteExample 2022-07-31T19:51:44Z logger.go:66:       - timeouts {
TestTerraformCompleteExample 2022-07-31T19:51:44Z logger.go:66:           - create = "5m" -> null
TestTerraformCompleteExample 2022-07-31T19:51:44Z logger.go:66:           - delete = "5m" -> null
TestTerraformCompleteExample 2022-07-31T19:51:44Z logger.go:66:           - update = "5m" -> null
TestTerraformCompleteExample 2022-07-31T19:51:44Z logger.go:66:         }
TestTerraformCompleteExample 2022-07-31T19:51:44Z logger.go:66:
TestTerraformCompleteExample 2022-07-31T19:51:44Z logger.go:66:       - wait {
TestTerraformCompleteExample 2022-07-31T19:51:44Z logger.go:66:           - fields = {
TestTerraformCompleteExample 2022-07-31T19:51:44Z logger.go:66:               - "status.state" = "CREATED"
TestTerraformCompleteExample 2022-07-31T19:51:44Z logger.go:66:             } -> null
TestTerraformCompleteExample 2022-07-31T19:51:44Z logger.go:66:         }
TestTerraformCompleteExample 2022-07-31T19:51:44Z logger.go:66:     }
TestTerraformCompleteExample 2022-07-31T19:51:44Z logger.go:66:
TestTerraformCompleteExample 2022-07-31T19:51:44Z logger.go:66:   # module.confluent_platform.module.kafka_topics["my-topic"].kubernetes_manifest.topic will be destroyed
TestTerraformCompleteExample 2022-07-31T19:51:44Z logger.go:66:   - resource "kubernetes_manifest" "topic" {
TestTerraformCompleteExample 2022-07-31T19:51:44Z logger.go:66:       - computed_fields = [
TestTerraformCompleteExample 2022-07-31T19:51:44Z logger.go:66:           - "metadata.finalizers",
TestTerraformCompleteExample 2022-07-31T19:51:44Z logger.go:66:         ] -> null
TestTerraformCompleteExample 2022-07-31T19:51:44Z logger.go:66:       - manifest        = {
TestTerraformCompleteExample 2022-07-31T19:51:44Z logger.go:66:           - apiVersion = "platform.confluent.io/v1beta1"
TestTerraformCompleteExample 2022-07-31T19:51:44Z logger.go:66:           - kind       = "KafkaTopic"
TestTerraformCompleteExample 2022-07-31T19:51:44Z logger.go:66:           - metadata   = {
TestTerraformCompleteExample 2022-07-31T19:51:44Z logger.go:66:               - name      = "my-topic"
TestTerraformCompleteExample 2022-07-31T19:51:44Z logger.go:66:               - namespace = "confluent"
TestTerraformCompleteExample 2022-07-31T19:51:44Z logger.go:66:             }
TestTerraformCompleteExample 2022-07-31T19:51:44Z logger.go:66:           - spec       = {
TestTerraformCompleteExample 2022-07-31T19:51:44Z logger.go:66:               - configs        = {
TestTerraformCompleteExample 2022-07-31T19:51:44Z logger.go:66:                   - "cleanup.policy" = "delete"
TestTerraformCompleteExample 2022-07-31T19:51:44Z logger.go:66:                 }
TestTerraformCompleteExample 2022-07-31T19:51:44Z logger.go:66:               - partitionCount = 3
TestTerraformCompleteExample 2022-07-31T19:51:44Z logger.go:66:               - replicas       = 3
TestTerraformCompleteExample 2022-07-31T19:51:44Z logger.go:66:             }
TestTerraformCompleteExample 2022-07-31T19:51:44Z logger.go:66:         } -> null
TestTerraformCompleteExample 2022-07-31T19:51:44Z logger.go:66:       - object          = {
TestTerraformCompleteExample 2022-07-31T19:51:44Z logger.go:66:           - apiVersion = "platform.confluent.io/v1beta1"
TestTerraformCompleteExample 2022-07-31T19:51:44Z logger.go:66:           - kind       = "KafkaTopic"
TestTerraformCompleteExample 2022-07-31T19:51:44Z logger.go:66:           - metadata   = {
TestTerraformCompleteExample 2022-07-31T19:51:44Z logger.go:66:               - annotations                = {
TestTerraformCompleteExample 2022-07-31T19:51:44Z logger.go:66:                   - "platform.confluent.io/last-spec-hash" = "7i6/qOJHLetfg5ZGkh0Cl1rS/27WOe+EQCiKKuet8rE="
TestTerraformCompleteExample 2022-07-31T19:51:44Z logger.go:66:                 }
TestTerraformCompleteExample 2022-07-31T19:51:44Z logger.go:66:               - clusterName                = null
TestTerraformCompleteExample 2022-07-31T19:51:44Z logger.go:66:               - creationTimestamp          = null
TestTerraformCompleteExample 2022-07-31T19:51:44Z logger.go:66:               - deletionGracePeriodSeconds = null
TestTerraformCompleteExample 2022-07-31T19:51:44Z logger.go:66:               - deletionTimestamp          = null
TestTerraformCompleteExample 2022-07-31T19:51:44Z logger.go:66:               - finalizers                 = [
TestTerraformCompleteExample 2022-07-31T19:51:44Z logger.go:66:                   - "kafkatopic.finalizers.platform.confluent.io",
TestTerraformCompleteExample 2022-07-31T19:51:44Z logger.go:66:                 ]
TestTerraformCompleteExample 2022-07-31T19:51:44Z logger.go:66:               - generateName               = null
TestTerraformCompleteExample 2022-07-31T19:51:44Z logger.go:66:               - generation                 = null
TestTerraformCompleteExample 2022-07-31T19:51:44Z logger.go:66:               - labels                     = null
TestTerraformCompleteExample 2022-07-31T19:51:44Z logger.go:66:               - managedFields              = null
TestTerraformCompleteExample 2022-07-31T19:51:44Z logger.go:66:               - name                       = "my-topic"
TestTerraformCompleteExample 2022-07-31T19:51:44Z logger.go:66:               - namespace                  = "confluent"
TestTerraformCompleteExample 2022-07-31T19:51:44Z logger.go:66:               - ownerReferences            = [
TestTerraformCompleteExample 2022-07-31T19:51:44Z logger.go:66:                   - {
TestTerraformCompleteExample 2022-07-31T19:51:44Z logger.go:66:                       - apiVersion         = "platform.confluent.io/v1beta1"
TestTerraformCompleteExample 2022-07-31T19:51:44Z logger.go:66:                       - blockOwnerDeletion = true
TestTerraformCompleteExample 2022-07-31T19:51:44Z logger.go:66:                       - controller         = true
TestTerraformCompleteExample 2022-07-31T19:51:44Z logger.go:66:                       - kind               = "Kafka"
TestTerraformCompleteExample 2022-07-31T19:51:44Z logger.go:66:                       - name               = "kafka"
TestTerraformCompleteExample 2022-07-31T19:51:44Z logger.go:66:                       - uid                = "83f3a1be-26ba-403a-bdbc-0f6a04a1449f"
TestTerraformCompleteExample 2022-07-31T19:51:44Z logger.go:66:                     },
TestTerraformCompleteExample 2022-07-31T19:51:44Z logger.go:66:                 ]
TestTerraformCompleteExample 2022-07-31T19:51:44Z logger.go:66:               - resourceVersion            = null
TestTerraformCompleteExample 2022-07-31T19:51:44Z logger.go:66:               - selfLink                   = null
TestTerraformCompleteExample 2022-07-31T19:51:44Z logger.go:66:               - uid                        = null
TestTerraformCompleteExample 2022-07-31T19:51:44Z logger.go:66:             }
TestTerraformCompleteExample 2022-07-31T19:51:44Z logger.go:66:           - spec       = {
TestTerraformCompleteExample 2022-07-31T19:51:44Z logger.go:66:               - configs           = {
TestTerraformCompleteExample 2022-07-31T19:51:44Z logger.go:66:                   - "cleanup.policy" = "delete"
TestTerraformCompleteExample 2022-07-31T19:51:44Z logger.go:66:                 }
TestTerraformCompleteExample 2022-07-31T19:51:44Z logger.go:66:               - kafkaClusterRef   = {
TestTerraformCompleteExample 2022-07-31T19:51:44Z logger.go:66:                   - name      = null
TestTerraformCompleteExample 2022-07-31T19:51:44Z logger.go:66:                   - namespace = null
TestTerraformCompleteExample 2022-07-31T19:51:44Z logger.go:66:                 }
TestTerraformCompleteExample 2022-07-31T19:51:44Z logger.go:66:               - kafkaRest         = {
TestTerraformCompleteExample 2022-07-31T19:51:44Z logger.go:66:                   - authentication = {
TestTerraformCompleteExample 2022-07-31T19:51:44Z logger.go:66:                       - basic  = {
TestTerraformCompleteExample 2022-07-31T19:51:44Z logger.go:66:                           - debug                    = null
TestTerraformCompleteExample 2022-07-31T19:51:44Z logger.go:66:                           - directoryPathInContainer = null
TestTerraformCompleteExample 2022-07-31T19:51:44Z logger.go:66:                           - restrictedRoles          = null
TestTerraformCompleteExample 2022-07-31T19:51:44Z logger.go:66:                           - roles                    = null
TestTerraformCompleteExample 2022-07-31T19:51:44Z logger.go:66:                           - secretRef                = null
TestTerraformCompleteExample 2022-07-31T19:51:44Z logger.go:66:                         }
TestTerraformCompleteExample 2022-07-31T19:51:44Z logger.go:66:                       - bearer = {
TestTerraformCompleteExample 2022-07-31T19:51:44Z logger.go:66:                           - directoryPathInContainer = null
TestTerraformCompleteExample 2022-07-31T19:51:44Z logger.go:66:                           - secretRef                = null
TestTerraformCompleteExample 2022-07-31T19:51:44Z logger.go:66:                         }
TestTerraformCompleteExample 2022-07-31T19:51:44Z logger.go:66:                       - type   = null
TestTerraformCompleteExample 2022-07-31T19:51:44Z logger.go:66:                     }
TestTerraformCompleteExample 2022-07-31T19:51:44Z logger.go:66:                   - endpoint       = null
TestTerraformCompleteExample 2022-07-31T19:51:44Z logger.go:66:                   - kafkaClusterID = null
TestTerraformCompleteExample 2022-07-31T19:51:44Z logger.go:66:                   - tls            = {
TestTerraformCompleteExample 2022-07-31T19:51:44Z logger.go:66:                       - directoryPathInContainer = null
TestTerraformCompleteExample 2022-07-31T19:51:44Z logger.go:66:                       - jksPassword              = {
TestTerraformCompleteExample 2022-07-31T19:51:44Z logger.go:66:                           - secretRef = null
TestTerraformCompleteExample 2022-07-31T19:51:44Z logger.go:66:                         }
TestTerraformCompleteExample 2022-07-31T19:51:44Z logger.go:66:                       - secretRef                = null
TestTerraformCompleteExample 2022-07-31T19:51:44Z logger.go:66:                     }
TestTerraformCompleteExample 2022-07-31T19:51:44Z logger.go:66:                 }
TestTerraformCompleteExample 2022-07-31T19:51:44Z logger.go:66:               - kafkaRestClassRef = {
TestTerraformCompleteExample 2022-07-31T19:51:44Z logger.go:66:                   - name      = null
TestTerraformCompleteExample 2022-07-31T19:51:44Z logger.go:66:                   - namespace = null
TestTerraformCompleteExample 2022-07-31T19:51:44Z logger.go:66:                 }
TestTerraformCompleteExample 2022-07-31T19:51:44Z logger.go:66:               - name              = null
TestTerraformCompleteExample 2022-07-31T19:51:44Z logger.go:66:               - partitionCount    = 3
TestTerraformCompleteExample 2022-07-31T19:51:44Z logger.go:66:               - replicas          = 3
TestTerraformCompleteExample 2022-07-31T19:51:44Z logger.go:66:             }
TestTerraformCompleteExample 2022-07-31T19:51:44Z logger.go:66:         } -> null
TestTerraformCompleteExample 2022-07-31T19:51:44Z logger.go:66:
TestTerraformCompleteExample 2022-07-31T19:51:44Z logger.go:66:       - timeouts {
TestTerraformCompleteExample 2022-07-31T19:51:44Z logger.go:66:           - create = "5m" -> null
TestTerraformCompleteExample 2022-07-31T19:51:44Z logger.go:66:           - delete = "5m" -> null
TestTerraformCompleteExample 2022-07-31T19:51:44Z logger.go:66:           - update = "5m" -> null
TestTerraformCompleteExample 2022-07-31T19:51:44Z logger.go:66:         }
TestTerraformCompleteExample 2022-07-31T19:51:44Z logger.go:66:
TestTerraformCompleteExample 2022-07-31T19:51:44Z logger.go:66:       - wait {
TestTerraformCompleteExample 2022-07-31T19:51:44Z logger.go:66:           - fields = {
TestTerraformCompleteExample 2022-07-31T19:51:44Z logger.go:66:               - "status.state" = "CREATED"
TestTerraformCompleteExample 2022-07-31T19:51:44Z logger.go:66:             } -> null
TestTerraformCompleteExample 2022-07-31T19:51:44Z logger.go:66:         }
TestTerraformCompleteExample 2022-07-31T19:51:44Z logger.go:66:     }
TestTerraformCompleteExample 2022-07-31T19:51:44Z logger.go:66:
TestTerraformCompleteExample 2022-07-31T19:51:44Z logger.go:66: Plan: 0 to add, 0 to change, 6 to destroy.
TestTerraformCompleteExample 2022-07-31T19:51:44Z logger.go:66:
TestTerraformCompleteExample 2022-07-31T19:51:44Z logger.go:66: Changes to Outputs:
TestTerraformCompleteExample 2022-07-31T19:51:44Z logger.go:66:   - confluent_operator = {
TestTerraformCompleteExample 2022-07-31T19:51:44Z logger.go:66:       - app_version   = "2.4.0"
TestTerraformCompleteExample 2022-07-31T19:51:44Z logger.go:66:       - chart_version = "0.517.12"
TestTerraformCompleteExample 2022-07-31T19:51:44Z logger.go:66:       - namespace     = "confluent"
TestTerraformCompleteExample 2022-07-31T19:51:44Z logger.go:66:     } -> null
TestTerraformCompleteExample 2022-07-31T19:51:44Z logger.go:66:   - kafka              = {
TestTerraformCompleteExample 2022-07-31T19:51:44Z logger.go:66:       - apiVersion = "platform.confluent.io/v1beta1"
TestTerraformCompleteExample 2022-07-31T19:51:44Z logger.go:66:       - kind       = "Kafka"
TestTerraformCompleteExample 2022-07-31T19:51:44Z logger.go:66:       - metadata   = {
TestTerraformCompleteExample 2022-07-31T19:51:44Z logger.go:66:           - name      = "kafka"
TestTerraformCompleteExample 2022-07-31T19:51:44Z logger.go:66:           - namespace = "confluent"
TestTerraformCompleteExample 2022-07-31T19:51:44Z logger.go:66:         }
TestTerraformCompleteExample 2022-07-31T19:51:44Z logger.go:66:       - spec       = {
TestTerraformCompleteExample 2022-07-31T19:51:44Z logger.go:66:           - dataVolumeCapacity = "10Gi"
TestTerraformCompleteExample 2022-07-31T19:51:44Z logger.go:66:           - image              = {
TestTerraformCompleteExample 2022-07-31T19:51:44Z logger.go:66:               - application = "confluentinc/cp-server:7.2.0"
TestTerraformCompleteExample 2022-07-31T19:51:44Z logger.go:66:               - init        = "confluentinc/confluent-init-container:2.4.0"
TestTerraformCompleteExample 2022-07-31T19:51:44Z logger.go:66:             }
TestTerraformCompleteExample 2022-07-31T19:51:44Z logger.go:66:           - metricReporter     = {
TestTerraformCompleteExample 2022-07-31T19:51:44Z logger.go:66:               - enabled = true
TestTerraformCompleteExample 2022-07-31T19:51:44Z logger.go:66:             }
TestTerraformCompleteExample 2022-07-31T19:51:44Z logger.go:66:           - replicas           = "3"
TestTerraformCompleteExample 2022-07-31T19:51:44Z logger.go:66:         }
TestTerraformCompleteExample 2022-07-31T19:51:44Z logger.go:66:     } -> null
TestTerraformCompleteExample 2022-07-31T19:51:44Z logger.go:66:   - kafka_topics       = [
TestTerraformCompleteExample 2022-07-31T19:51:44Z logger.go:66:       - {
TestTerraformCompleteExample 2022-07-31T19:51:44Z logger.go:66:           - my-other-topic = {
TestTerraformCompleteExample 2022-07-31T19:51:44Z logger.go:66:               - manifest = {
TestTerraformCompleteExample 2022-07-31T19:51:44Z logger.go:66:                   - apiVersion = "platform.confluent.io/v1beta1"
TestTerraformCompleteExample 2022-07-31T19:51:44Z logger.go:66:                   - kind       = "KafkaTopic"
TestTerraformCompleteExample 2022-07-31T19:51:44Z logger.go:66:                   - metadata   = {
TestTerraformCompleteExample 2022-07-31T19:51:44Z logger.go:66:                       - name      = "my-other-topic"
TestTerraformCompleteExample 2022-07-31T19:51:44Z logger.go:66:                       - namespace = "confluent"
TestTerraformCompleteExample 2022-07-31T19:51:44Z logger.go:66:                     }
TestTerraformCompleteExample 2022-07-31T19:51:44Z logger.go:66:                   - spec       = {
TestTerraformCompleteExample 2022-07-31T19:51:44Z logger.go:66:                       - configs        = {
TestTerraformCompleteExample 2022-07-31T19:51:44Z logger.go:66:                           - "cleanup.policy" = "delete"
TestTerraformCompleteExample 2022-07-31T19:51:44Z logger.go:66:                         }
TestTerraformCompleteExample 2022-07-31T19:51:44Z logger.go:66:                       - partitionCount = 3
TestTerraformCompleteExample 2022-07-31T19:51:44Z logger.go:66:                       - replicas       = 3
TestTerraformCompleteExample 2022-07-31T19:51:44Z logger.go:66:                     }
TestTerraformCompleteExample 2022-07-31T19:51:44Z logger.go:66:                 }
TestTerraformCompleteExample 2022-07-31T19:51:44Z logger.go:66:             }
TestTerraformCompleteExample 2022-07-31T19:51:44Z logger.go:66:           - my-topic       = {
TestTerraformCompleteExample 2022-07-31T19:51:44Z logger.go:66:               - manifest = {
TestTerraformCompleteExample 2022-07-31T19:51:44Z logger.go:66:                   - apiVersion = "platform.confluent.io/v1beta1"
TestTerraformCompleteExample 2022-07-31T19:51:44Z logger.go:66:                   - kind       = "KafkaTopic"
TestTerraformCompleteExample 2022-07-31T19:51:44Z logger.go:66:                   - metadata   = {
TestTerraformCompleteExample 2022-07-31T19:51:44Z logger.go:66:                       - name      = "my-topic"
TestTerraformCompleteExample 2022-07-31T19:51:44Z logger.go:66:                       - namespace = "confluent"
TestTerraformCompleteExample 2022-07-31T19:51:44Z logger.go:66:                     }
TestTerraformCompleteExample 2022-07-31T19:51:44Z logger.go:66:                   - spec       = {
TestTerraformCompleteExample 2022-07-31T19:51:44Z logger.go:66:                       - configs        = {
TestTerraformCompleteExample 2022-07-31T19:51:44Z logger.go:66:                           - "cleanup.policy" = "delete"
TestTerraformCompleteExample 2022-07-31T19:51:44Z logger.go:66:                         }
TestTerraformCompleteExample 2022-07-31T19:51:44Z logger.go:66:                       - partitionCount = 3
TestTerraformCompleteExample 2022-07-31T19:51:44Z logger.go:66:                       - replicas       = 3
TestTerraformCompleteExample 2022-07-31T19:51:44Z logger.go:66:                     }
TestTerraformCompleteExample 2022-07-31T19:51:44Z logger.go:66:                 }
TestTerraformCompleteExample 2022-07-31T19:51:44Z logger.go:66:             }
TestTerraformCompleteExample 2022-07-31T19:51:44Z logger.go:66:         },
TestTerraformCompleteExample 2022-07-31T19:51:44Z logger.go:66:     ] -> null
TestTerraformCompleteExample 2022-07-31T19:51:44Z logger.go:66:   - namespace          = "confluent" -> null
TestTerraformCompleteExample 2022-07-31T19:51:44Z logger.go:66:   - zookeeper          = {
TestTerraformCompleteExample 2022-07-31T19:51:44Z logger.go:66:       - apiVersion = "platform.confluent.io/v1beta1"
TestTerraformCompleteExample 2022-07-31T19:51:44Z logger.go:66:       - kind       = "Zookeeper"
TestTerraformCompleteExample 2022-07-31T19:51:44Z logger.go:66:       - metadata   = {
TestTerraformCompleteExample 2022-07-31T19:51:44Z logger.go:66:           - name      = "zookeeper"
TestTerraformCompleteExample 2022-07-31T19:51:44Z logger.go:66:           - namespace = "confluent"
TestTerraformCompleteExample 2022-07-31T19:51:44Z logger.go:66:         }
TestTerraformCompleteExample 2022-07-31T19:51:44Z logger.go:66:       - spec       = {
TestTerraformCompleteExample 2022-07-31T19:51:44Z logger.go:66:           - dataVolumeCapacity = "10Gi"
TestTerraformCompleteExample 2022-07-31T19:51:44Z logger.go:66:           - image              = {
TestTerraformCompleteExample 2022-07-31T19:51:44Z logger.go:66:               - application = "confluentinc/cp-zookeeper:7.2.0"
TestTerraformCompleteExample 2022-07-31T19:51:44Z logger.go:66:               - init        = "confluentinc/confluent-init-container:2.4.0"
TestTerraformCompleteExample 2022-07-31T19:51:44Z logger.go:66:             }
TestTerraformCompleteExample 2022-07-31T19:51:44Z logger.go:66:           - logVolumeCapacity  = "10Gi"
TestTerraformCompleteExample 2022-07-31T19:51:44Z logger.go:66:           - replicas           = "3"
TestTerraformCompleteExample 2022-07-31T19:51:44Z logger.go:66:         }
TestTerraformCompleteExample 2022-07-31T19:51:44Z logger.go:66:     } -> null
TestTerraformCompleteExample 2022-07-31T19:51:46Z logger.go:66: module.confluent_platform.module.kafka_topics["my-topic"].kubernetes_manifest.topic: Destroying...
TestTerraformCompleteExample 2022-07-31T19:51:46Z logger.go:66: module.confluent_platform.module.kafka_topics["my-other-topic"].kubernetes_manifest.topic: Destroying...
TestTerraformCompleteExample 2022-07-31T19:51:47Z logger.go:66: module.confluent_platform.module.kafka_topics["my-other-topic"].kubernetes_manifest.topic: Destruction complete after 1s
TestTerraformCompleteExample 2022-07-31T19:51:47Z logger.go:66: module.confluent_platform.module.kafka_topics["my-topic"].kubernetes_manifest.topic: Destruction complete after 1s
TestTerraformCompleteExample 2022-07-31T19:51:48Z logger.go:66: module.confluent_platform.kubernetes_manifest.components["zookeeper"]: Destroying...
TestTerraformCompleteExample 2022-07-31T19:51:48Z logger.go:66: module.confluent_platform.kubernetes_manifest.components["kafka"]: Destroying...
TestTerraformCompleteExample 2022-07-31T19:51:49Z logger.go:66: module.confluent_platform.kubernetes_manifest.components["zookeeper"]: Destruction complete after 1s
TestTerraformCompleteExample 2022-07-31T19:51:49Z logger.go:66: module.confluent_platform.kubernetes_manifest.components["kafka"]: Destruction complete after 2s
TestTerraformCompleteExample 2022-07-31T19:51:49Z logger.go:66: module.confluent_platform.module.confluent_operator[0].helm_release.confluent_operator[0]: Destroying... [id=confluent-operator]
TestTerraformCompleteExample 2022-07-31T19:51:50Z logger.go:66: module.confluent_platform.module.confluent_operator[0].helm_release.confluent_operator[0]: Destruction complete after 1s
TestTerraformCompleteExample 2022-07-31T19:51:50Z logger.go:66: module.confluent_platform.module.confluent_operator[0].kubernetes_namespace_v1.namespace[0]: Destroying... [id=confluent]
TestTerraformCompleteExample 2022-07-31T19:52:00Z logger.go:66: module.confluent_platform.module.confluent_operator[0].kubernetes_namespace_v1.namespace[0]: Still destroying... [id=confluent, 10s elapsed]
TestTerraformCompleteExample 2022-07-31T19:52:10Z logger.go:66: module.confluent_platform.module.confluent_operator[0].kubernetes_namespace_v1.namespace[0]: Still destroying... [id=confluent, 20s elapsed]
TestTerraformCompleteExample 2022-07-31T19:52:20Z logger.go:66: module.confluent_platform.module.confluent_operator[0].kubernetes_namespace_v1.namespace[0]: Still destroying... [id=confluent, 30s elapsed]
TestTerraformCompleteExample 2022-07-31T19:52:23Z logger.go:66: module.confluent_platform.module.confluent_operator[0].kubernetes_namespace_v1.namespace[0]: Destruction complete after 33s
TestTerraformCompleteExample 2022-07-31T19:52:23Z logger.go:66:
TestTerraformCompleteExample 2022-07-31T19:52:23Z logger.go:66: Destroy complete! Resources: 6 destroyed.
--- PASS: TestTerraformCompleteExample (159.13s)
PASS
ok  	command-line-arguments	159.141s
