=== RUN   TestTerraformCompleteExample
TestTerraformCompleteExample 2022-07-30T22:56:20Z retry.go:91: terraform [init -upgrade=false]
TestTerraformCompleteExample 2022-07-30T22:56:20Z logger.go:66: Running command terraform with args [init -upgrade=false]
TestTerraformCompleteExample 2022-07-30T22:56:20Z logger.go:66: [0m[1mInitializing modules...[0m
TestTerraformCompleteExample 2022-07-30T22:56:20Z logger.go:66:
TestTerraformCompleteExample 2022-07-30T22:56:20Z logger.go:66: [0m[1mInitializing the backend...[0m
TestTerraformCompleteExample 2022-07-30T22:56:21Z logger.go:66:
TestTerraformCompleteExample 2022-07-30T22:56:21Z logger.go:66: [0m[1mInitializing provider plugins...[0m
TestTerraformCompleteExample 2022-07-30T22:56:21Z logger.go:66: - Reusing previous version of hashicorp/helm from the dependency lock file
TestTerraformCompleteExample 2022-07-30T22:56:21Z logger.go:66: - Reusing previous version of hashicorp/kubernetes from the dependency lock file
TestTerraformCompleteExample 2022-07-30T22:56:22Z logger.go:66: - Using previously-installed hashicorp/helm v2.6.0
TestTerraformCompleteExample 2022-07-30T22:56:22Z logger.go:66: - Using previously-installed hashicorp/kubernetes v2.12.1
TestTerraformCompleteExample 2022-07-30T22:56:22Z logger.go:66:
TestTerraformCompleteExample 2022-07-30T22:56:22Z logger.go:66: [0m[1m[32mTerraform has been successfully initialized![0m[32m[0m
TestTerraformCompleteExample 2022-07-30T22:56:22Z logger.go:66: [0m[32m
TestTerraformCompleteExample 2022-07-30T22:56:22Z logger.go:66: You may now begin working with Terraform. Try running "terraform plan" to see
TestTerraformCompleteExample 2022-07-30T22:56:22Z logger.go:66: any changes that are required for your infrastructure. All Terraform commands
TestTerraformCompleteExample 2022-07-30T22:56:22Z logger.go:66: should now work.
TestTerraformCompleteExample 2022-07-30T22:56:22Z logger.go:66:
TestTerraformCompleteExample 2022-07-30T22:56:22Z logger.go:66: If you ever set or change modules or backend configuration for Terraform,
TestTerraformCompleteExample 2022-07-30T22:56:22Z logger.go:66: rerun this command to reinitialize your working directory. If you forget, other
TestTerraformCompleteExample 2022-07-30T22:56:22Z logger.go:66: commands will detect it and remind you to do so if necessary.[0m
TestTerraformCompleteExample 2022-07-30T22:56:22Z retry.go:91: terraform [apply -input=false -auto-approve -no-color -lock=false]
TestTerraformCompleteExample 2022-07-30T22:56:22Z logger.go:66: Running command terraform with args [apply -input=false -auto-approve -no-color -lock=false]
TestTerraformCompleteExample 2022-07-30T22:56:28Z logger.go:66:
TestTerraformCompleteExample 2022-07-30T22:56:28Z logger.go:66: Terraform used the selected providers to generate the following execution
TestTerraformCompleteExample 2022-07-30T22:56:28Z logger.go:66: plan. Resource actions are indicated with the following symbols:
TestTerraformCompleteExample 2022-07-30T22:56:28Z logger.go:66:   + create
TestTerraformCompleteExample 2022-07-30T22:56:28Z logger.go:66:
TestTerraformCompleteExample 2022-07-30T22:56:28Z logger.go:66: Terraform will perform the following actions:
TestTerraformCompleteExample 2022-07-30T22:56:28Z logger.go:66:
TestTerraformCompleteExample 2022-07-30T22:56:28Z logger.go:66:   # module.confluent_platform.kubernetes_manifest.component["connect"] will be created
TestTerraformCompleteExample 2022-07-30T22:56:28Z logger.go:66:   + resource "kubernetes_manifest" "component" {
TestTerraformCompleteExample 2022-07-30T22:56:28Z logger.go:66:       + computed_fields = [
TestTerraformCompleteExample 2022-07-30T22:56:28Z logger.go:66:           + "metadata.finalizers",
TestTerraformCompleteExample 2022-07-30T22:56:28Z logger.go:66:         ]
TestTerraformCompleteExample 2022-07-30T22:56:28Z logger.go:66:       + manifest        = {
TestTerraformCompleteExample 2022-07-30T22:56:28Z logger.go:66:           + apiVersion = "platform.confluent.io/v1beta1"
TestTerraformCompleteExample 2022-07-30T22:56:28Z logger.go:66:           + kind       = "Connect"
TestTerraformCompleteExample 2022-07-30T22:56:28Z logger.go:66:           + metadata   = {
TestTerraformCompleteExample 2022-07-30T22:56:28Z logger.go:66:               + name      = "connect"
TestTerraformCompleteExample 2022-07-30T22:56:28Z logger.go:66:               + namespace = "confluent"
TestTerraformCompleteExample 2022-07-30T22:56:28Z logger.go:66:             }
TestTerraformCompleteExample 2022-07-30T22:56:28Z logger.go:66:           + spec       = {
TestTerraformCompleteExample 2022-07-30T22:56:28Z logger.go:66:               + dependencies = {
TestTerraformCompleteExample 2022-07-30T22:56:28Z logger.go:66:                   + kafka = {
TestTerraformCompleteExample 2022-07-30T22:56:28Z logger.go:66:                       + bootstrapEndpoint = "kafka:9071"
TestTerraformCompleteExample 2022-07-30T22:56:28Z logger.go:66:                     }
TestTerraformCompleteExample 2022-07-30T22:56:28Z logger.go:66:                 }
TestTerraformCompleteExample 2022-07-30T22:56:28Z logger.go:66:               + image        = {
TestTerraformCompleteExample 2022-07-30T22:56:28Z logger.go:66:                   + application = "confluentinc/cp-server-connect:7.2.0"
TestTerraformCompleteExample 2022-07-30T22:56:28Z logger.go:66:                   + init        = "confluentinc/confluent-init-container:2.4.0"
TestTerraformCompleteExample 2022-07-30T22:56:28Z logger.go:66:                 }
TestTerraformCompleteExample 2022-07-30T22:56:28Z logger.go:66:               + replicas     = 1
TestTerraformCompleteExample 2022-07-30T22:56:28Z logger.go:66:             }
TestTerraformCompleteExample 2022-07-30T22:56:28Z logger.go:66:         }
TestTerraformCompleteExample 2022-07-30T22:56:28Z logger.go:66:       + object          = {
TestTerraformCompleteExample 2022-07-30T22:56:28Z logger.go:66:           + apiVersion = "platform.confluent.io/v1beta1"
TestTerraformCompleteExample 2022-07-30T22:56:28Z logger.go:66:           + kind       = "Connect"
TestTerraformCompleteExample 2022-07-30T22:56:28Z logger.go:66:           + metadata   = {
TestTerraformCompleteExample 2022-07-30T22:56:28Z logger.go:66:               + annotations                = (known after apply)
TestTerraformCompleteExample 2022-07-30T22:56:28Z logger.go:66:               + clusterName                = (known after apply)
TestTerraformCompleteExample 2022-07-30T22:56:28Z logger.go:66:               + creationTimestamp          = (known after apply)
TestTerraformCompleteExample 2022-07-30T22:56:28Z logger.go:66:               + deletionGracePeriodSeconds = (known after apply)
TestTerraformCompleteExample 2022-07-30T22:56:28Z logger.go:66:               + deletionTimestamp          = (known after apply)
TestTerraformCompleteExample 2022-07-30T22:56:28Z logger.go:66:               + finalizers                 = (known after apply)
TestTerraformCompleteExample 2022-07-30T22:56:28Z logger.go:66:               + generateName               = (known after apply)
TestTerraformCompleteExample 2022-07-30T22:56:28Z logger.go:66:               + generation                 = (known after apply)
TestTerraformCompleteExample 2022-07-30T22:56:28Z logger.go:66:               + labels                     = (known after apply)
TestTerraformCompleteExample 2022-07-30T22:56:28Z logger.go:66:               + managedFields              = (known after apply)
TestTerraformCompleteExample 2022-07-30T22:56:28Z logger.go:66:               + name                       = "connect"
TestTerraformCompleteExample 2022-07-30T22:56:28Z logger.go:66:               + namespace                  = "confluent"
TestTerraformCompleteExample 2022-07-30T22:56:28Z logger.go:66:               + ownerReferences            = (known after apply)
TestTerraformCompleteExample 2022-07-30T22:56:28Z logger.go:66:               + resourceVersion            = (known after apply)
TestTerraformCompleteExample 2022-07-30T22:56:28Z logger.go:66:               + selfLink                   = (known after apply)
TestTerraformCompleteExample 2022-07-30T22:56:28Z logger.go:66:               + uid                        = (known after apply)
TestTerraformCompleteExample 2022-07-30T22:56:28Z logger.go:66:             }
TestTerraformCompleteExample 2022-07-30T22:56:28Z logger.go:66:           + spec       = {
TestTerraformCompleteExample 2022-07-30T22:56:28Z logger.go:66:               + authentication                 = {
TestTerraformCompleteExample 2022-07-30T22:56:28Z logger.go:66:                   + basic = {
TestTerraformCompleteExample 2022-07-30T22:56:28Z logger.go:66:                       + debug                    = (known after apply)
TestTerraformCompleteExample 2022-07-30T22:56:28Z logger.go:66:                       + directoryPathInContainer = (known after apply)
TestTerraformCompleteExample 2022-07-30T22:56:28Z logger.go:66:                       + restrictedRoles          = (known after apply)
TestTerraformCompleteExample 2022-07-30T22:56:28Z logger.go:66:                       + roles                    = (known after apply)
TestTerraformCompleteExample 2022-07-30T22:56:28Z logger.go:66:                       + secretRef                = (known after apply)
TestTerraformCompleteExample 2022-07-30T22:56:28Z logger.go:66:                     }
TestTerraformCompleteExample 2022-07-30T22:56:28Z logger.go:66:                   + type  = (known after apply)
TestTerraformCompleteExample 2022-07-30T22:56:28Z logger.go:66:                 }
TestTerraformCompleteExample 2022-07-30T22:56:28Z logger.go:66:               + authorization                  = {
TestTerraformCompleteExample 2022-07-30T22:56:28Z logger.go:66:                   + kafkaRestClassRef = {
TestTerraformCompleteExample 2022-07-30T22:56:28Z logger.go:66:                       + name      = (known after apply)
TestTerraformCompleteExample 2022-07-30T22:56:28Z logger.go:66:                       + namespace = (known after apply)
TestTerraformCompleteExample 2022-07-30T22:56:28Z logger.go:66:                     }
TestTerraformCompleteExample 2022-07-30T22:56:28Z logger.go:66:                   + type              = (known after apply)
TestTerraformCompleteExample 2022-07-30T22:56:28Z logger.go:66:                 }
TestTerraformCompleteExample 2022-07-30T22:56:28Z logger.go:66:               + build                          = {
TestTerraformCompleteExample 2022-07-30T22:56:28Z logger.go:66:                   + onDemand = {
TestTerraformCompleteExample 2022-07-30T22:56:28Z logger.go:66:                       + plugins      = {
TestTerraformCompleteExample 2022-07-30T22:56:28Z logger.go:66:                           + confluentHub = (known after apply)
TestTerraformCompleteExample 2022-07-30T22:56:28Z logger.go:66:                           + locationType = (known after apply)
TestTerraformCompleteExample 2022-07-30T22:56:28Z logger.go:66:                           + url          = (known after apply)
TestTerraformCompleteExample 2022-07-30T22:56:28Z logger.go:66:                         }
TestTerraformCompleteExample 2022-07-30T22:56:28Z logger.go:66:                       + storageLimit = (known after apply)
TestTerraformCompleteExample 2022-07-30T22:56:28Z logger.go:66:                     }
TestTerraformCompleteExample 2022-07-30T22:56:28Z logger.go:66:                   + type     = (known after apply)
TestTerraformCompleteExample 2022-07-30T22:56:28Z logger.go:66:                 }
TestTerraformCompleteExample 2022-07-30T22:56:28Z logger.go:66:               + configOverrides                = {
TestTerraformCompleteExample 2022-07-30T22:56:28Z logger.go:66:                   + jvm    = (known after apply)
TestTerraformCompleteExample 2022-07-30T22:56:28Z logger.go:66:                   + log4j  = (known after apply)
TestTerraformCompleteExample 2022-07-30T22:56:28Z logger.go:66:                   + server = (known after apply)
TestTerraformCompleteExample 2022-07-30T22:56:28Z logger.go:66:                 }
TestTerraformCompleteExample 2022-07-30T22:56:28Z logger.go:66:               + connectorOverridePolicy        = (known after apply)
TestTerraformCompleteExample 2022-07-30T22:56:28Z logger.go:66:               + connectorTLSCerts              = (known after apply)
TestTerraformCompleteExample 2022-07-30T22:56:28Z logger.go:66:               + dependencies                   = {
TestTerraformCompleteExample 2022-07-30T22:56:28Z logger.go:66:                   + admin          = {
TestTerraformCompleteExample 2022-07-30T22:56:28Z logger.go:66:                       + authentication    = {
TestTerraformCompleteExample 2022-07-30T22:56:28Z logger.go:66:                           + jaasConfig            = {
TestTerraformCompleteExample 2022-07-30T22:56:28Z logger.go:66:                               + secretRef = (known after apply)
TestTerraformCompleteExample 2022-07-30T22:56:28Z logger.go:66:                             }
TestTerraformCompleteExample 2022-07-30T22:56:28Z logger.go:66:                           + jaasConfigPassThrough = {
TestTerraformCompleteExample 2022-07-30T22:56:28Z logger.go:66:                               + directoryPathInContainer = (known after apply)
TestTerraformCompleteExample 2022-07-30T22:56:28Z logger.go:66:                               + secretRef                = (known after apply)
TestTerraformCompleteExample 2022-07-30T22:56:28Z logger.go:66:                             }
TestTerraformCompleteExample 2022-07-30T22:56:28Z logger.go:66:                           + oauthbearer           = {
TestTerraformCompleteExample 2022-07-30T22:56:28Z logger.go:66:                               + directoryPathInContainer = (known after apply)
TestTerraformCompleteExample 2022-07-30T22:56:28Z logger.go:66:                               + secretRef                = (known after apply)
TestTerraformCompleteExample 2022-07-30T22:56:28Z logger.go:66:                             }
TestTerraformCompleteExample 2022-07-30T22:56:28Z logger.go:66:                           + type                  = (known after apply)
TestTerraformCompleteExample 2022-07-30T22:56:28Z logger.go:66:                         }
TestTerraformCompleteExample 2022-07-30T22:56:28Z logger.go:66:                       + bootstrapEndpoint = (known after apply)
TestTerraformCompleteExample 2022-07-30T22:56:28Z logger.go:66:                       + discovery         = {
TestTerraformCompleteExample 2022-07-30T22:56:28Z logger.go:66:                           + name      = (known after apply)
TestTerraformCompleteExample 2022-07-30T22:56:28Z logger.go:66:                           + namespace = (known after apply)
TestTerraformCompleteExample 2022-07-30T22:56:28Z logger.go:66:                           + secretRef = (known after apply)
TestTerraformCompleteExample 2022-07-30T22:56:28Z logger.go:66:                         }
TestTerraformCompleteExample 2022-07-30T22:56:28Z logger.go:66:                       + tls               = {
TestTerraformCompleteExample 2022-07-30T22:56:28Z logger.go:66:                           + directoryPathInContainer = (known after apply)
TestTerraformCompleteExample 2022-07-30T22:56:28Z logger.go:66:                           + enabled                  = (known after apply)
TestTerraformCompleteExample 2022-07-30T22:56:28Z logger.go:66:                           + ignoreTrustStoreConfig   = (known after apply)
TestTerraformCompleteExample 2022-07-30T22:56:28Z logger.go:66:                           + jksPassword              = {
TestTerraformCompleteExample 2022-07-30T22:56:28Z logger.go:66:                               + secretRef = (known after apply)
TestTerraformCompleteExample 2022-07-30T22:56:28Z logger.go:66:                             }
TestTerraformCompleteExample 2022-07-30T22:56:28Z logger.go:66:                           + secretRef                = (known after apply)
TestTerraformCompleteExample 2022-07-30T22:56:28Z logger.go:66:                         }
TestTerraformCompleteExample 2022-07-30T22:56:28Z logger.go:66:                     }
TestTerraformCompleteExample 2022-07-30T22:56:28Z logger.go:66:                   + consumer       = {
TestTerraformCompleteExample 2022-07-30T22:56:28Z logger.go:66:                       + authentication    = {
TestTerraformCompleteExample 2022-07-30T22:56:28Z logger.go:66:                           + jaasConfig            = {
TestTerraformCompleteExample 2022-07-30T22:56:28Z logger.go:66:                               + secretRef = (known after apply)
TestTerraformCompleteExample 2022-07-30T22:56:28Z logger.go:66:                             }
TestTerraformCompleteExample 2022-07-30T22:56:28Z logger.go:66:                           + jaasConfigPassThrough = {
TestTerraformCompleteExample 2022-07-30T22:56:28Z logger.go:66:                               + directoryPathInContainer = (known after apply)
TestTerraformCompleteExample 2022-07-30T22:56:28Z logger.go:66:                               + secretRef                = (known after apply)
TestTerraformCompleteExample 2022-07-30T22:56:28Z logger.go:66:                             }
TestTerraformCompleteExample 2022-07-30T22:56:28Z logger.go:66:                           + oauthbearer           = {
TestTerraformCompleteExample 2022-07-30T22:56:28Z logger.go:66:                               + directoryPathInContainer = (known after apply)
TestTerraformCompleteExample 2022-07-30T22:56:28Z logger.go:66:                               + secretRef                = (known after apply)
TestTerraformCompleteExample 2022-07-30T22:56:28Z logger.go:66:                             }
TestTerraformCompleteExample 2022-07-30T22:56:28Z logger.go:66:                           + type                  = (known after apply)
TestTerraformCompleteExample 2022-07-30T22:56:28Z logger.go:66:                         }
TestTerraformCompleteExample 2022-07-30T22:56:28Z logger.go:66:                       + bootstrapEndpoint = (known after apply)
TestTerraformCompleteExample 2022-07-30T22:56:28Z logger.go:66:                       + discovery         = {
TestTerraformCompleteExample 2022-07-30T22:56:28Z logger.go:66:                           + name      = (known after apply)
TestTerraformCompleteExample 2022-07-30T22:56:28Z logger.go:66:                           + namespace = (known after apply)
TestTerraformCompleteExample 2022-07-30T22:56:28Z logger.go:66:                           + secretRef = (known after apply)
TestTerraformCompleteExample 2022-07-30T22:56:28Z logger.go:66:                         }
TestTerraformCompleteExample 2022-07-30T22:56:28Z logger.go:66:                       + tls               = {
TestTerraformCompleteExample 2022-07-30T22:56:28Z logger.go:66:                           + directoryPathInContainer = (known after apply)
TestTerraformCompleteExample 2022-07-30T22:56:28Z logger.go:66:                           + enabled                  = (known after apply)
TestTerraformCompleteExample 2022-07-30T22:56:28Z logger.go:66:                           + ignoreTrustStoreConfig   = (known after apply)
TestTerraformCompleteExample 2022-07-30T22:56:28Z logger.go:66:                           + jksPassword              = {
TestTerraformCompleteExample 2022-07-30T22:56:28Z logger.go:66:                               + secretRef = (known after apply)
TestTerraformCompleteExample 2022-07-30T22:56:28Z logger.go:66:                             }
TestTerraformCompleteExample 2022-07-30T22:56:28Z logger.go:66:                           + secretRef                = (known after apply)
TestTerraformCompleteExample 2022-07-30T22:56:28Z logger.go:66:                         }
TestTerraformCompleteExample 2022-07-30T22:56:28Z logger.go:66:                     }
TestTerraformCompleteExample 2022-07-30T22:56:28Z logger.go:66:                   + interceptor    = {
TestTerraformCompleteExample 2022-07-30T22:56:28Z logger.go:66:                       + configs   = (known after apply)
TestTerraformCompleteExample 2022-07-30T22:56:28Z logger.go:66:                       + consumer  = {
TestTerraformCompleteExample 2022-07-30T22:56:28Z logger.go:66:                           + authentication    = {
TestTerraformCompleteExample 2022-07-30T22:56:28Z logger.go:66:                               + jaasConfig            = {
TestTerraformCompleteExample 2022-07-30T22:56:28Z logger.go:66:                                   + secretRef = (known after apply)
TestTerraformCompleteExample 2022-07-30T22:56:28Z logger.go:66:                                 }
TestTerraformCompleteExample 2022-07-30T22:56:28Z logger.go:66:                               + jaasConfigPassThrough = {
TestTerraformCompleteExample 2022-07-30T22:56:28Z logger.go:66:                                   + directoryPathInContainer = (known after apply)
TestTerraformCompleteExample 2022-07-30T22:56:28Z logger.go:66:                                   + secretRef                = (known after apply)
TestTerraformCompleteExample 2022-07-30T22:56:28Z logger.go:66:                                 }
TestTerraformCompleteExample 2022-07-30T22:56:28Z logger.go:66:                               + oauthbearer           = {
TestTerraformCompleteExample 2022-07-30T22:56:28Z logger.go:66:                                   + directoryPathInContainer = (known after apply)
TestTerraformCompleteExample 2022-07-30T22:56:28Z logger.go:66:                                   + secretRef                = (known after apply)
TestTerraformCompleteExample 2022-07-30T22:56:28Z logger.go:66:                                 }
TestTerraformCompleteExample 2022-07-30T22:56:28Z logger.go:66:                               + type                  = (known after apply)
TestTerraformCompleteExample 2022-07-30T22:56:28Z logger.go:66:                             }
TestTerraformCompleteExample 2022-07-30T22:56:28Z logger.go:66:                           + bootstrapEndpoint = (known after apply)
TestTerraformCompleteExample 2022-07-30T22:56:28Z logger.go:66:                           + discovery         = {
TestTerraformCompleteExample 2022-07-30T22:56:28Z logger.go:66:                               + name      = (known after apply)
TestTerraformCompleteExample 2022-07-30T22:56:28Z logger.go:66:                               + namespace = (known after apply)
TestTerraformCompleteExample 2022-07-30T22:56:28Z logger.go:66:                               + secretRef = (known after apply)
TestTerraformCompleteExample 2022-07-30T22:56:28Z logger.go:66:                             }
TestTerraformCompleteExample 2022-07-30T22:56:28Z logger.go:66:                           + tls               = {
TestTerraformCompleteExample 2022-07-30T22:56:28Z logger.go:66:                               + directoryPathInContainer = (known after apply)
TestTerraformCompleteExample 2022-07-30T22:56:28Z logger.go:66:                               + enabled                  = (known after apply)
TestTerraformCompleteExample 2022-07-30T22:56:28Z logger.go:66:                               + ignoreTrustStoreConfig   = (known after apply)
TestTerraformCompleteExample 2022-07-30T22:56:28Z logger.go:66:                               + jksPassword              = {
TestTerraformCompleteExample 2022-07-30T22:56:28Z logger.go:66:                                   + secretRef = (known after apply)
TestTerraformCompleteExample 2022-07-30T22:56:28Z logger.go:66:                                 }
TestTerraformCompleteExample 2022-07-30T22:56:28Z logger.go:66:                               + secretRef                = (known after apply)
TestTerraformCompleteExample 2022-07-30T22:56:28Z logger.go:66:                             }
TestTerraformCompleteExample 2022-07-30T22:56:28Z logger.go:66:                         }
TestTerraformCompleteExample 2022-07-30T22:56:28Z logger.go:66:                       + enabled   = (known after apply)
TestTerraformCompleteExample 2022-07-30T22:56:28Z logger.go:66:                       + producer  = {
TestTerraformCompleteExample 2022-07-30T22:56:28Z logger.go:66:                           + authentication    = {
TestTerraformCompleteExample 2022-07-30T22:56:28Z logger.go:66:                               + jaasConfig            = {
TestTerraformCompleteExample 2022-07-30T22:56:28Z logger.go:66:                                   + secretRef = (known after apply)
TestTerraformCompleteExample 2022-07-30T22:56:28Z logger.go:66:                                 }
TestTerraformCompleteExample 2022-07-30T22:56:28Z logger.go:66:                               + jaasConfigPassThrough = {
TestTerraformCompleteExample 2022-07-30T22:56:28Z logger.go:66:                                   + directoryPathInContainer = (known after apply)
TestTerraformCompleteExample 2022-07-30T22:56:28Z logger.go:66:                                   + secretRef                = (known after apply)
TestTerraformCompleteExample 2022-07-30T22:56:28Z logger.go:66:                                 }
TestTerraformCompleteExample 2022-07-30T22:56:28Z logger.go:66:                               + oauthbearer           = {
TestTerraformCompleteExample 2022-07-30T22:56:28Z logger.go:66:                                   + directoryPathInContainer = (known after apply)
TestTerraformCompleteExample 2022-07-30T22:56:28Z logger.go:66:                                   + secretRef                = (known after apply)
TestTerraformCompleteExample 2022-07-30T22:56:28Z logger.go:66:                                 }
TestTerraformCompleteExample 2022-07-30T22:56:28Z logger.go:66:                               + type                  = (known after apply)
TestTerraformCompleteExample 2022-07-30T22:56:28Z logger.go:66:                             }
TestTerraformCompleteExample 2022-07-30T22:56:28Z logger.go:66:                           + bootstrapEndpoint = (known after apply)
TestTerraformCompleteExample 2022-07-30T22:56:28Z logger.go:66:                           + discovery         = {
TestTerraformCompleteExample 2022-07-30T22:56:28Z logger.go:66:                               + name      = (known after apply)
TestTerraformCompleteExample 2022-07-30T22:56:28Z logger.go:66:                               + namespace = (known after apply)
TestTerraformCompleteExample 2022-07-30T22:56:28Z logger.go:66:                               + secretRef = (known after apply)
TestTerraformCompleteExample 2022-07-30T22:56:28Z logger.go:66:                             }
TestTerraformCompleteExample 2022-07-30T22:56:28Z logger.go:66:                           + tls               = {
TestTerraformCompleteExample 2022-07-30T22:56:28Z logger.go:66:                               + directoryPathInContainer = (known after apply)
TestTerraformCompleteExample 2022-07-30T22:56:28Z logger.go:66:                               + enabled                  = (known after apply)
TestTerraformCompleteExample 2022-07-30T22:56:28Z logger.go:66:                               + ignoreTrustStoreConfig   = (known after apply)
TestTerraformCompleteExample 2022-07-30T22:56:28Z logger.go:66:                               + jksPassword              = {
TestTerraformCompleteExample 2022-07-30T22:56:28Z logger.go:66:                                   + secretRef = (known after apply)
TestTerraformCompleteExample 2022-07-30T22:56:28Z logger.go:66:                                 }
TestTerraformCompleteExample 2022-07-30T22:56:28Z logger.go:66:                               + secretRef                = (known after apply)
TestTerraformCompleteExample 2022-07-30T22:56:28Z logger.go:66:                             }
TestTerraformCompleteExample 2022-07-30T22:56:28Z logger.go:66:                         }
TestTerraformCompleteExample 2022-07-30T22:56:28Z logger.go:66:                       + publishMs = (known after apply)
TestTerraformCompleteExample 2022-07-30T22:56:28Z logger.go:66:                     }
TestTerraformCompleteExample 2022-07-30T22:56:28Z logger.go:66:                   + kafka          = {
TestTerraformCompleteExample 2022-07-30T22:56:28Z logger.go:66:                       + authentication    = {
TestTerraformCompleteExample 2022-07-30T22:56:28Z logger.go:66:                           + jaasConfig            = {
TestTerraformCompleteExample 2022-07-30T22:56:28Z logger.go:66:                               + secretRef = (known after apply)
TestTerraformCompleteExample 2022-07-30T22:56:28Z logger.go:66:                             }
TestTerraformCompleteExample 2022-07-30T22:56:28Z logger.go:66:                           + jaasConfigPassThrough = {
TestTerraformCompleteExample 2022-07-30T22:56:28Z logger.go:66:                               + directoryPathInContainer = (known after apply)
TestTerraformCompleteExample 2022-07-30T22:56:28Z logger.go:66:                               + secretRef                = (known after apply)
TestTerraformCompleteExample 2022-07-30T22:56:28Z logger.go:66:                             }
TestTerraformCompleteExample 2022-07-30T22:56:28Z logger.go:66:                           + oauthbearer           = {
TestTerraformCompleteExample 2022-07-30T22:56:28Z logger.go:66:                               + directoryPathInContainer = (known after apply)
TestTerraformCompleteExample 2022-07-30T22:56:28Z logger.go:66:                               + secretRef                = (known after apply)
TestTerraformCompleteExample 2022-07-30T22:56:28Z logger.go:66:                             }
TestTerraformCompleteExample 2022-07-30T22:56:28Z logger.go:66:                           + type                  = (known after apply)
TestTerraformCompleteExample 2022-07-30T22:56:28Z logger.go:66:                         }
TestTerraformCompleteExample 2022-07-30T22:56:28Z logger.go:66:                       + bootstrapEndpoint = "kafka:9071"
TestTerraformCompleteExample 2022-07-30T22:56:28Z logger.go:66:                       + discovery         = {
TestTerraformCompleteExample 2022-07-30T22:56:28Z logger.go:66:                           + name      = (known after apply)
TestTerraformCompleteExample 2022-07-30T22:56:28Z logger.go:66:                           + namespace = (known after apply)
TestTerraformCompleteExample 2022-07-30T22:56:28Z logger.go:66:                           + secretRef = (known after apply)
TestTerraformCompleteExample 2022-07-30T22:56:28Z logger.go:66:                         }
TestTerraformCompleteExample 2022-07-30T22:56:28Z logger.go:66:                       + tls               = {
TestTerraformCompleteExample 2022-07-30T22:56:28Z logger.go:66:                           + directoryPathInContainer = (known after apply)
TestTerraformCompleteExample 2022-07-30T22:56:28Z logger.go:66:                           + enabled                  = (known after apply)
TestTerraformCompleteExample 2022-07-30T22:56:28Z logger.go:66:                           + ignoreTrustStoreConfig   = (known after apply)
TestTerraformCompleteExample 2022-07-30T22:56:28Z logger.go:66:                           + jksPassword              = {
TestTerraformCompleteExample 2022-07-30T22:56:28Z logger.go:66:                               + secretRef = (known after apply)
TestTerraformCompleteExample 2022-07-30T22:56:28Z logger.go:66:                             }
TestTerraformCompleteExample 2022-07-30T22:56:28Z logger.go:66:                           + secretRef                = (known after apply)
TestTerraformCompleteExample 2022-07-30T22:56:28Z logger.go:66:                         }
TestTerraformCompleteExample 2022-07-30T22:56:28Z logger.go:66:                     }
TestTerraformCompleteExample 2022-07-30T22:56:28Z logger.go:66:                   + mds            = {
TestTerraformCompleteExample 2022-07-30T22:56:28Z logger.go:66:                       + authentication = {
TestTerraformCompleteExample 2022-07-30T22:56:28Z logger.go:66:                           + bearer = {
TestTerraformCompleteExample 2022-07-30T22:56:28Z logger.go:66:                               + directoryPathInContainer = (known after apply)
TestTerraformCompleteExample 2022-07-30T22:56:28Z logger.go:66:                               + secretRef                = (known after apply)
TestTerraformCompleteExample 2022-07-30T22:56:28Z logger.go:66:                             }
TestTerraformCompleteExample 2022-07-30T22:56:28Z logger.go:66:                           + type   = (known after apply)
TestTerraformCompleteExample 2022-07-30T22:56:28Z logger.go:66:                         }
TestTerraformCompleteExample 2022-07-30T22:56:28Z logger.go:66:                       + endpoint       = (known after apply)
TestTerraformCompleteExample 2022-07-30T22:56:28Z logger.go:66:                       + tls            = {
TestTerraformCompleteExample 2022-07-30T22:56:28Z logger.go:66:                           + directoryPathInContainer = (known after apply)
TestTerraformCompleteExample 2022-07-30T22:56:28Z logger.go:66:                           + enabled                  = (known after apply)
TestTerraformCompleteExample 2022-07-30T22:56:28Z logger.go:66:                           + ignoreTrustStoreConfig   = (known after apply)
TestTerraformCompleteExample 2022-07-30T22:56:28Z logger.go:66:                           + jksPassword              = {
TestTerraformCompleteExample 2022-07-30T22:56:28Z logger.go:66:                               + secretRef = (known after apply)
TestTerraformCompleteExample 2022-07-30T22:56:28Z logger.go:66:                             }
TestTerraformCompleteExample 2022-07-30T22:56:28Z logger.go:66:                           + secretRef                = (known after apply)
TestTerraformCompleteExample 2022-07-30T22:56:28Z logger.go:66:                         }
TestTerraformCompleteExample 2022-07-30T22:56:28Z logger.go:66:                       + tokenKeyPair   = {
TestTerraformCompleteExample 2022-07-30T22:56:28Z logger.go:66:                           + directoryPathInContainer = (known after apply)
TestTerraformCompleteExample 2022-07-30T22:56:28Z logger.go:66:                           + secretRef                = (known after apply)
TestTerraformCompleteExample 2022-07-30T22:56:28Z logger.go:66:                         }
TestTerraformCompleteExample 2022-07-30T22:56:28Z logger.go:66:                     }
TestTerraformCompleteExample 2022-07-30T22:56:28Z logger.go:66:                   + producer       = {
TestTerraformCompleteExample 2022-07-30T22:56:28Z logger.go:66:                       + authentication    = {
TestTerraformCompleteExample 2022-07-30T22:56:28Z logger.go:66:                           + jaasConfig            = {
TestTerraformCompleteExample 2022-07-30T22:56:28Z logger.go:66:                               + secretRef = (known after apply)
TestTerraformCompleteExample 2022-07-30T22:56:28Z logger.go:66:                             }
TestTerraformCompleteExample 2022-07-30T22:56:28Z logger.go:66:                           + jaasConfigPassThrough = {
TestTerraformCompleteExample 2022-07-30T22:56:28Z logger.go:66:                               + directoryPathInContainer = (known after apply)
TestTerraformCompleteExample 2022-07-30T22:56:28Z logger.go:66:                               + secretRef                = (known after apply)
TestTerraformCompleteExample 2022-07-30T22:56:28Z logger.go:66:                             }
TestTerraformCompleteExample 2022-07-30T22:56:28Z logger.go:66:                           + oauthbearer           = {
TestTerraformCompleteExample 2022-07-30T22:56:28Z logger.go:66:                               + directoryPathInContainer = (known after apply)
TestTerraformCompleteExample 2022-07-30T22:56:28Z logger.go:66:                               + secretRef                = (known after apply)
TestTerraformCompleteExample 2022-07-30T22:56:28Z logger.go:66:                             }
TestTerraformCompleteExample 2022-07-30T22:56:28Z logger.go:66:                           + type                  = (known after apply)
TestTerraformCompleteExample 2022-07-30T22:56:28Z logger.go:66:                         }
TestTerraformCompleteExample 2022-07-30T22:56:28Z logger.go:66:                       + bootstrapEndpoint = (known after apply)
TestTerraformCompleteExample 2022-07-30T22:56:28Z logger.go:66:                       + discovery         = {
TestTerraformCompleteExample 2022-07-30T22:56:28Z logger.go:66:                           + name      = (known after apply)
TestTerraformCompleteExample 2022-07-30T22:56:28Z logger.go:66:                           + namespace = (known after apply)
TestTerraformCompleteExample 2022-07-30T22:56:28Z logger.go:66:                           + secretRef = (known after apply)
TestTerraformCompleteExample 2022-07-30T22:56:28Z logger.go:66:                         }
TestTerraformCompleteExample 2022-07-30T22:56:28Z logger.go:66:                       + tls               = {
TestTerraformCompleteExample 2022-07-30T22:56:28Z logger.go:66:                           + directoryPathInContainer = (known after apply)
TestTerraformCompleteExample 2022-07-30T22:56:28Z logger.go:66:                           + enabled                  = (known after apply)
TestTerraformCompleteExample 2022-07-30T22:56:28Z logger.go:66:                           + ignoreTrustStoreConfig   = (known after apply)
TestTerraformCompleteExample 2022-07-30T22:56:28Z logger.go:66:                           + jksPassword              = {
TestTerraformCompleteExample 2022-07-30T22:56:28Z logger.go:66:                               + secretRef = (known after apply)
TestTerraformCompleteExample 2022-07-30T22:56:28Z logger.go:66:                             }
TestTerraformCompleteExample 2022-07-30T22:56:28Z logger.go:66:                           + secretRef                = (known after apply)
TestTerraformCompleteExample 2022-07-30T22:56:28Z logger.go:66:                         }
TestTerraformCompleteExample 2022-07-30T22:56:28Z logger.go:66:                     }
TestTerraformCompleteExample 2022-07-30T22:56:28Z logger.go:66:                   + schemaRegistry = {
TestTerraformCompleteExample 2022-07-30T22:56:28Z logger.go:66:                       + authentication = {
TestTerraformCompleteExample 2022-07-30T22:56:28Z logger.go:66:                           + basic = {
TestTerraformCompleteExample 2022-07-30T22:56:28Z logger.go:66:                               + debug                    = (known after apply)
TestTerraformCompleteExample 2022-07-30T22:56:28Z logger.go:66:                               + directoryPathInContainer = (known after apply)
TestTerraformCompleteExample 2022-07-30T22:56:28Z logger.go:66:                               + restrictedRoles          = (known after apply)
TestTerraformCompleteExample 2022-07-30T22:56:28Z logger.go:66:                               + roles                    = (known after apply)
TestTerraformCompleteExample 2022-07-30T22:56:28Z logger.go:66:                               + secretRef                = (known after apply)
TestTerraformCompleteExample 2022-07-30T22:56:28Z logger.go:66:                             }
TestTerraformCompleteExample 2022-07-30T22:56:28Z logger.go:66:                           + type  = (known after apply)
TestTerraformCompleteExample 2022-07-30T22:56:28Z logger.go:66:                         }
TestTerraformCompleteExample 2022-07-30T22:56:28Z logger.go:66:                       + tls            = {
TestTerraformCompleteExample 2022-07-30T22:56:28Z logger.go:66:                           + directoryPathInContainer = (known after apply)
TestTerraformCompleteExample 2022-07-30T22:56:28Z logger.go:66:                           + enabled                  = (known after apply)
TestTerraformCompleteExample 2022-07-30T22:56:28Z logger.go:66:                           + ignoreTrustStoreConfig   = (known after apply)
TestTerraformCompleteExample 2022-07-30T22:56:28Z logger.go:66:                           + jksPassword              = {
TestTerraformCompleteExample 2022-07-30T22:56:28Z logger.go:66:                               + secretRef = (known after apply)
TestTerraformCompleteExample 2022-07-30T22:56:28Z logger.go:66:                             }
TestTerraformCompleteExample 2022-07-30T22:56:28Z logger.go:66:                           + secretRef                = (known after apply)
TestTerraformCompleteExample 2022-07-30T22:56:28Z logger.go:66:                         }
TestTerraformCompleteExample 2022-07-30T22:56:28Z logger.go:66:                       + url            = (known after apply)
TestTerraformCompleteExample 2022-07-30T22:56:28Z logger.go:66:                     }
TestTerraformCompleteExample 2022-07-30T22:56:28Z logger.go:66:                 }
TestTerraformCompleteExample 2022-07-30T22:56:28Z logger.go:66:               + enableSchemas                  = (known after apply)
TestTerraformCompleteExample 2022-07-30T22:56:28Z logger.go:66:               + externalAccess                 = {
TestTerraformCompleteExample 2022-07-30T22:56:28Z logger.go:66:                   + loadBalancer = {
TestTerraformCompleteExample 2022-07-30T22:56:28Z logger.go:66:                       + advertisedURL            = {
TestTerraformCompleteExample 2022-07-30T22:56:28Z logger.go:66:                           + enabled = (known after apply)
TestTerraformCompleteExample 2022-07-30T22:56:28Z logger.go:66:                           + prefix  = (known after apply)
TestTerraformCompleteExample 2022-07-30T22:56:28Z logger.go:66:                         }
TestTerraformCompleteExample 2022-07-30T22:56:28Z logger.go:66:                       + annotations              = (known after apply)
TestTerraformCompleteExample 2022-07-30T22:56:28Z logger.go:66:                       + domain                   = (known after apply)
TestTerraformCompleteExample 2022-07-30T22:56:28Z logger.go:66:                       + externalTrafficPolicy    = (known after apply)
TestTerraformCompleteExample 2022-07-30T22:56:28Z logger.go:66:                       + labels                   = (known after apply)
TestTerraformCompleteExample 2022-07-30T22:56:28Z logger.go:66:                       + loadBalancerSourceRanges = (known after apply)
TestTerraformCompleteExample 2022-07-30T22:56:28Z logger.go:66:                       + port                     = (known after apply)
TestTerraformCompleteExample 2022-07-30T22:56:28Z logger.go:66:                       + prefix                   = (known after apply)
TestTerraformCompleteExample 2022-07-30T22:56:28Z logger.go:66:                       + servicePorts             = (known after apply)
TestTerraformCompleteExample 2022-07-30T22:56:28Z logger.go:66:                       + sessionAffinity          = (known after apply)
TestTerraformCompleteExample 2022-07-30T22:56:28Z logger.go:66:                       + sessionAffinityConfig    = {
TestTerraformCompleteExample 2022-07-30T22:56:28Z logger.go:66:                           + clientIP = {
TestTerraformCompleteExample 2022-07-30T22:56:28Z logger.go:66:                               + timeoutSeconds = (known after apply)
TestTerraformCompleteExample 2022-07-30T22:56:28Z logger.go:66:                             }
TestTerraformCompleteExample 2022-07-30T22:56:28Z logger.go:66:                         }
TestTerraformCompleteExample 2022-07-30T22:56:28Z logger.go:66:                     }
TestTerraformCompleteExample 2022-07-30T22:56:28Z logger.go:66:                   + nodePort     = {
TestTerraformCompleteExample 2022-07-30T22:56:28Z logger.go:66:                       + advertisedURL         = {
TestTerraformCompleteExample 2022-07-30T22:56:28Z logger.go:66:                           + enabled = (known after apply)
TestTerraformCompleteExample 2022-07-30T22:56:28Z logger.go:66:                           + prefix  = (known after apply)
TestTerraformCompleteExample 2022-07-30T22:56:28Z logger.go:66:                         }
TestTerraformCompleteExample 2022-07-30T22:56:28Z logger.go:66:                       + annotations           = (known after apply)
TestTerraformCompleteExample 2022-07-30T22:56:28Z logger.go:66:                       + externalTrafficPolicy = (known after apply)
TestTerraformCompleteExample 2022-07-30T22:56:28Z logger.go:66:                       + host                  = (known after apply)
TestTerraformCompleteExample 2022-07-30T22:56:28Z logger.go:66:                       + labels                = (known after apply)
TestTerraformCompleteExample 2022-07-30T22:56:28Z logger.go:66:                       + nodePortOffset        = (known after apply)
TestTerraformCompleteExample 2022-07-30T22:56:28Z logger.go:66:                       + servicePorts          = (known after apply)
TestTerraformCompleteExample 2022-07-30T22:56:28Z logger.go:66:                       + sessionAffinity       = (known after apply)
TestTerraformCompleteExample 2022-07-30T22:56:28Z logger.go:66:                       + sessionAffinityConfig = {
TestTerraformCompleteExample 2022-07-30T22:56:28Z logger.go:66:                           + clientIP = {
TestTerraformCompleteExample 2022-07-30T22:56:28Z logger.go:66:                               + timeoutSeconds = (known after apply)
TestTerraformCompleteExample 2022-07-30T22:56:28Z logger.go:66:                             }
TestTerraformCompleteExample 2022-07-30T22:56:28Z logger.go:66:                         }
TestTerraformCompleteExample 2022-07-30T22:56:28Z logger.go:66:                     }
TestTerraformCompleteExample 2022-07-30T22:56:28Z logger.go:66:                   + route        = {
TestTerraformCompleteExample 2022-07-30T22:56:28Z logger.go:66:                       + annotations    = (known after apply)
TestTerraformCompleteExample 2022-07-30T22:56:28Z logger.go:66:                       + domain         = (known after apply)
TestTerraformCompleteExample 2022-07-30T22:56:28Z logger.go:66:                       + labels         = (known after apply)
TestTerraformCompleteExample 2022-07-30T22:56:28Z logger.go:66:                       + prefix         = (known after apply)
TestTerraformCompleteExample 2022-07-30T22:56:28Z logger.go:66:                       + wildcardPolicy = (known after apply)
TestTerraformCompleteExample 2022-07-30T22:56:28Z logger.go:66:                     }
TestTerraformCompleteExample 2022-07-30T22:56:28Z logger.go:66:                   + type         = (known after apply)
TestTerraformCompleteExample 2022-07-30T22:56:28Z logger.go:66:                 }
TestTerraformCompleteExample 2022-07-30T22:56:28Z logger.go:66:               + headlessService                = {
TestTerraformCompleteExample 2022-07-30T22:56:28Z logger.go:66:                   + annotations              = (known after apply)
TestTerraformCompleteExample 2022-07-30T22:56:28Z logger.go:66:                   + labels                   = (known after apply)
TestTerraformCompleteExample 2022-07-30T22:56:28Z logger.go:66:                   + publishNotReadyAddresses = (known after apply)
TestTerraformCompleteExample 2022-07-30T22:56:28Z logger.go:66:                 }
TestTerraformCompleteExample 2022-07-30T22:56:28Z logger.go:66:               + image                          = {
TestTerraformCompleteExample 2022-07-30T22:56:28Z logger.go:66:                   + application   = "confluentinc/cp-server-connect:7.2.0"
TestTerraformCompleteExample 2022-07-30T22:56:28Z logger.go:66:                   + init          = "confluentinc/confluent-init-container:2.4.0"
TestTerraformCompleteExample 2022-07-30T22:56:28Z logger.go:66:                   + pullPolicy    = (known after apply)
TestTerraformCompleteExample 2022-07-30T22:56:28Z logger.go:66:                   + pullSecretRef = (known after apply)
TestTerraformCompleteExample 2022-07-30T22:56:28Z logger.go:66:                 }
TestTerraformCompleteExample 2022-07-30T22:56:28Z logger.go:66:               + injectAnnotations              = (known after apply)
TestTerraformCompleteExample 2022-07-30T22:56:28Z logger.go:66:               + injectLabels                   = (known after apply)
TestTerraformCompleteExample 2022-07-30T22:56:28Z logger.go:66:               + internalTopicReplicationFactor = (known after apply)
TestTerraformCompleteExample 2022-07-30T22:56:28Z logger.go:66:               + k8sClusterDomain               = (known after apply)
TestTerraformCompleteExample 2022-07-30T22:56:28Z logger.go:66:               + keyConverterType               = (known after apply)
TestTerraformCompleteExample 2022-07-30T22:56:28Z logger.go:66:               + license                        = {
TestTerraformCompleteExample 2022-07-30T22:56:28Z logger.go:66:                   + directoryPathInContainer = (known after apply)
TestTerraformCompleteExample 2022-07-30T22:56:28Z logger.go:66:                   + globalLicense            = (known after apply)
TestTerraformCompleteExample 2022-07-30T22:56:28Z logger.go:66:                   + secretRef                = (known after apply)
TestTerraformCompleteExample 2022-07-30T22:56:28Z logger.go:66:                 }
TestTerraformCompleteExample 2022-07-30T22:56:28Z logger.go:66:               + metrics                        = {
TestTerraformCompleteExample 2022-07-30T22:56:28Z logger.go:66:                   + authentication = {
TestTerraformCompleteExample 2022-07-30T22:56:28Z logger.go:66:                       + type = (known after apply)
TestTerraformCompleteExample 2022-07-30T22:56:28Z logger.go:66:                     }
TestTerraformCompleteExample 2022-07-30T22:56:28Z logger.go:66:                   + prometheus     = {
TestTerraformCompleteExample 2022-07-30T22:56:28Z logger.go:66:                       + blacklist = (known after apply)
TestTerraformCompleteExample 2022-07-30T22:56:28Z logger.go:66:                       + rules     = (known after apply)
TestTerraformCompleteExample 2022-07-30T22:56:28Z logger.go:66:                       + whitelist = (known after apply)
TestTerraformCompleteExample 2022-07-30T22:56:28Z logger.go:66:                     }
TestTerraformCompleteExample 2022-07-30T22:56:28Z logger.go:66:                   + tls            = {
TestTerraformCompleteExample 2022-07-30T22:56:28Z logger.go:66:                       + directoryPathInContainer = (known after apply)
TestTerraformCompleteExample 2022-07-30T22:56:28Z logger.go:66:                       + enabled                  = (known after apply)
TestTerraformCompleteExample 2022-07-30T22:56:28Z logger.go:66:                       + ignoreTrustStoreConfig   = (known after apply)
TestTerraformCompleteExample 2022-07-30T22:56:28Z logger.go:66:                       + jksPassword              = {
TestTerraformCompleteExample 2022-07-30T22:56:28Z logger.go:66:                           + secretRef = (known after apply)
TestTerraformCompleteExample 2022-07-30T22:56:28Z logger.go:66:                         }
TestTerraformCompleteExample 2022-07-30T22:56:28Z logger.go:66:                       + secretRef                = (known after apply)
TestTerraformCompleteExample 2022-07-30T22:56:28Z logger.go:66:                     }
TestTerraformCompleteExample 2022-07-30T22:56:28Z logger.go:66:                 }
TestTerraformCompleteExample 2022-07-30T22:56:28Z logger.go:66:               + mountedSecrets                 = (known after apply)
TestTerraformCompleteExample 2022-07-30T22:56:28Z logger.go:66:               + mountedVolumes                 = {
TestTerraformCompleteExample 2022-07-30T22:56:28Z logger.go:66:                   + volumeMounts = (known after apply)
TestTerraformCompleteExample 2022-07-30T22:56:28Z logger.go:66:                   + volumes      = (known after apply)
TestTerraformCompleteExample 2022-07-30T22:56:28Z logger.go:66:                 }
TestTerraformCompleteExample 2022-07-30T22:56:28Z logger.go:66:               + oneReplicaPerNode              = (known after apply)
TestTerraformCompleteExample 2022-07-30T22:56:28Z logger.go:66:               + podTemplate                    = {
TestTerraformCompleteExample 2022-07-30T22:56:28Z logger.go:66:                   + affinity                      = {
TestTerraformCompleteExample 2022-07-30T22:56:28Z logger.go:66:                       + nodeAffinity    = {
TestTerraformCompleteExample 2022-07-30T22:56:28Z logger.go:66:                           + preferredDuringSchedulingIgnoredDuringExecution = (known after apply)
TestTerraformCompleteExample 2022-07-30T22:56:28Z logger.go:66:                           + requiredDuringSchedulingIgnoredDuringExecution  = {
TestTerraformCompleteExample 2022-07-30T22:56:28Z logger.go:66:                               + nodeSelectorTerms = (known after apply)
TestTerraformCompleteExample 2022-07-30T22:56:28Z logger.go:66:                             }
TestTerraformCompleteExample 2022-07-30T22:56:28Z logger.go:66:                         }
TestTerraformCompleteExample 2022-07-30T22:56:28Z logger.go:66:                       + podAffinity     = {
TestTerraformCompleteExample 2022-07-30T22:56:28Z logger.go:66:                           + preferredDuringSchedulingIgnoredDuringExecution = (known after apply)
TestTerraformCompleteExample 2022-07-30T22:56:28Z logger.go:66:                           + requiredDuringSchedulingIgnoredDuringExecution  = (known after apply)
TestTerraformCompleteExample 2022-07-30T22:56:28Z logger.go:66:                         }
TestTerraformCompleteExample 2022-07-30T22:56:28Z logger.go:66:                       + podAntiAffinity = {
TestTerraformCompleteExample 2022-07-30T22:56:28Z logger.go:66:                           + preferredDuringSchedulingIgnoredDuringExecution = (known after apply)
TestTerraformCompleteExample 2022-07-30T22:56:28Z logger.go:66:                           + requiredDuringSchedulingIgnoredDuringExecution  = (known after apply)
TestTerraformCompleteExample 2022-07-30T22:56:28Z logger.go:66:                         }
TestTerraformCompleteExample 2022-07-30T22:56:28Z logger.go:66:                     }
TestTerraformCompleteExample 2022-07-30T22:56:28Z logger.go:66:                   + annotations                   = (known after apply)
TestTerraformCompleteExample 2022-07-30T22:56:28Z logger.go:66:                   + envVars                       = (known after apply)
TestTerraformCompleteExample 2022-07-30T22:56:28Z logger.go:66:                   + labels                        = (known after apply)
TestTerraformCompleteExample 2022-07-30T22:56:28Z logger.go:66:                   + podSecurityContext            = {
TestTerraformCompleteExample 2022-07-30T22:56:28Z logger.go:66:                       + fsGroup             = (known after apply)
TestTerraformCompleteExample 2022-07-30T22:56:28Z logger.go:66:                       + fsGroupChangePolicy = (known after apply)
TestTerraformCompleteExample 2022-07-30T22:56:28Z logger.go:66:                       + runAsGroup          = (known after apply)
TestTerraformCompleteExample 2022-07-30T22:56:28Z logger.go:66:                       + runAsNonRoot        = (known after apply)
TestTerraformCompleteExample 2022-07-30T22:56:28Z logger.go:66:                       + runAsUser           = (known after apply)
TestTerraformCompleteExample 2022-07-30T22:56:28Z logger.go:66:                       + seLinuxOptions      = {
TestTerraformCompleteExample 2022-07-30T22:56:28Z logger.go:66:                           + level = (known after apply)
TestTerraformCompleteExample 2022-07-30T22:56:28Z logger.go:66:                           + role  = (known after apply)
TestTerraformCompleteExample 2022-07-30T22:56:28Z logger.go:66:                           + type  = (known after apply)
TestTerraformCompleteExample 2022-07-30T22:56:28Z logger.go:66:                           + user  = (known after apply)
TestTerraformCompleteExample 2022-07-30T22:56:28Z logger.go:66:                         }
TestTerraformCompleteExample 2022-07-30T22:56:28Z logger.go:66:                       + seccompProfile      = {
TestTerraformCompleteExample 2022-07-30T22:56:28Z logger.go:66:                           + localhostProfile = (known after apply)
TestTerraformCompleteExample 2022-07-30T22:56:28Z logger.go:66:                           + type             = (known after apply)
TestTerraformCompleteExample 2022-07-30T22:56:28Z logger.go:66:                         }
TestTerraformCompleteExample 2022-07-30T22:56:28Z logger.go:66:                       + supplementalGroups  = (known after apply)
TestTerraformCompleteExample 2022-07-30T22:56:28Z logger.go:66:                       + sysctls             = (known after apply)
TestTerraformCompleteExample 2022-07-30T22:56:28Z logger.go:66:                       + windowsOptions      = {
TestTerraformCompleteExample 2022-07-30T22:56:28Z logger.go:66:                           + gmsaCredentialSpec     = (known after apply)
TestTerraformCompleteExample 2022-07-30T22:56:28Z logger.go:66:                           + gmsaCredentialSpecName = (known after apply)
TestTerraformCompleteExample 2022-07-30T22:56:28Z logger.go:66:                           + hostProcess            = (known after apply)
TestTerraformCompleteExample 2022-07-30T22:56:28Z logger.go:66:                           + runAsUserName          = (known after apply)
TestTerraformCompleteExample 2022-07-30T22:56:28Z logger.go:66:                         }
TestTerraformCompleteExample 2022-07-30T22:56:28Z logger.go:66:                     }
TestTerraformCompleteExample 2022-07-30T22:56:28Z logger.go:66:                   + priorityClassName             = (known after apply)
TestTerraformCompleteExample 2022-07-30T22:56:28Z logger.go:66:                   + probe                         = {
TestTerraformCompleteExample 2022-07-30T22:56:28Z logger.go:66:                       + liveness  = {
TestTerraformCompleteExample 2022-07-30T22:56:28Z logger.go:66:                           + failureThreshold    = (known after apply)
TestTerraformCompleteExample 2022-07-30T22:56:28Z logger.go:66:                           + initialDelaySeconds = (known after apply)
TestTerraformCompleteExample 2022-07-30T22:56:28Z logger.go:66:                           + periodSeconds       = (known after apply)
TestTerraformCompleteExample 2022-07-30T22:56:28Z logger.go:66:                           + successThreshold    = (known after apply)
TestTerraformCompleteExample 2022-07-30T22:56:28Z logger.go:66:                           + timeoutSeconds      = (known after apply)
TestTerraformCompleteExample 2022-07-30T22:56:28Z logger.go:66:                         }
TestTerraformCompleteExample 2022-07-30T22:56:28Z logger.go:66:                       + readiness = {
TestTerraformCompleteExample 2022-07-30T22:56:28Z logger.go:66:                           + failureThreshold    = (known after apply)
TestTerraformCompleteExample 2022-07-30T22:56:28Z logger.go:66:                           + initialDelaySeconds = (known after apply)
TestTerraformCompleteExample 2022-07-30T22:56:28Z logger.go:66:                           + periodSeconds       = (known after apply)
TestTerraformCompleteExample 2022-07-30T22:56:28Z logger.go:66:                           + successThreshold    = (known after apply)
TestTerraformCompleteExample 2022-07-30T22:56:28Z logger.go:66:                           + timeoutSeconds      = (known after apply)
TestTerraformCompleteExample 2022-07-30T22:56:28Z logger.go:66:                         }
TestTerraformCompleteExample 2022-07-30T22:56:28Z logger.go:66:                     }
TestTerraformCompleteExample 2022-07-30T22:56:28Z logger.go:66:                   + resources                     = {
TestTerraformCompleteExample 2022-07-30T22:56:28Z logger.go:66:                       + limits   = (known after apply)
TestTerraformCompleteExample 2022-07-30T22:56:28Z logger.go:66:                       + requests = (known after apply)
TestTerraformCompleteExample 2022-07-30T22:56:28Z logger.go:66:                     }
TestTerraformCompleteExample 2022-07-30T22:56:28Z logger.go:66:                   + securityContext               = {
TestTerraformCompleteExample 2022-07-30T22:56:28Z logger.go:66:                       + allowPrivilegeEscalation = (known after apply)
TestTerraformCompleteExample 2022-07-30T22:56:28Z logger.go:66:                       + capabilities             = {
TestTerraformCompleteExample 2022-07-30T22:56:28Z logger.go:66:                           + add  = (known after apply)
TestTerraformCompleteExample 2022-07-30T22:56:28Z logger.go:66:                           + drop = (known after apply)
TestTerraformCompleteExample 2022-07-30T22:56:28Z logger.go:66:                         }
TestTerraformCompleteExample 2022-07-30T22:56:28Z logger.go:66:                       + privileged               = (known after apply)
TestTerraformCompleteExample 2022-07-30T22:56:28Z logger.go:66:                       + procMount                = (known after apply)
TestTerraformCompleteExample 2022-07-30T22:56:28Z logger.go:66:                       + readOnlyRootFilesystem   = (known after apply)
TestTerraformCompleteExample 2022-07-30T22:56:28Z logger.go:66:                       + runAsGroup               = (known after apply)
TestTerraformCompleteExample 2022-07-30T22:56:28Z logger.go:66:                       + runAsNonRoot             = (known after apply)
TestTerraformCompleteExample 2022-07-30T22:56:28Z logger.go:66:                       + runAsUser                = (known after apply)
TestTerraformCompleteExample 2022-07-30T22:56:28Z logger.go:66:                       + seLinuxOptions           = {
TestTerraformCompleteExample 2022-07-30T22:56:28Z logger.go:66:                           + level = (known after apply)
TestTerraformCompleteExample 2022-07-30T22:56:28Z logger.go:66:                           + role  = (known after apply)
TestTerraformCompleteExample 2022-07-30T22:56:28Z logger.go:66:                           + type  = (known after apply)
TestTerraformCompleteExample 2022-07-30T22:56:28Z logger.go:66:                           + user  = (known after apply)
TestTerraformCompleteExample 2022-07-30T22:56:28Z logger.go:66:                         }
TestTerraformCompleteExample 2022-07-30T22:56:28Z logger.go:66:                       + seccompProfile           = {
TestTerraformCompleteExample 2022-07-30T22:56:28Z logger.go:66:                           + localhostProfile = (known after apply)
TestTerraformCompleteExample 2022-07-30T22:56:28Z logger.go:66:                           + type             = (known after apply)
TestTerraformCompleteExample 2022-07-30T22:56:28Z logger.go:66:                         }
TestTerraformCompleteExample 2022-07-30T22:56:28Z logger.go:66:                       + windowsOptions           = {
TestTerraformCompleteExample 2022-07-30T22:56:28Z logger.go:66:                           + gmsaCredentialSpec     = (known after apply)
TestTerraformCompleteExample 2022-07-30T22:56:28Z logger.go:66:                           + gmsaCredentialSpecName = (known after apply)
TestTerraformCompleteExample 2022-07-30T22:56:28Z logger.go:66:                           + hostProcess            = (known after apply)
TestTerraformCompleteExample 2022-07-30T22:56:28Z logger.go:66:                           + runAsUserName          = (known after apply)
TestTerraformCompleteExample 2022-07-30T22:56:28Z logger.go:66:                         }
TestTerraformCompleteExample 2022-07-30T22:56:28Z logger.go:66:                     }
TestTerraformCompleteExample 2022-07-30T22:56:28Z logger.go:66:                   + serviceAccountName            = (known after apply)
TestTerraformCompleteExample 2022-07-30T22:56:28Z logger.go:66:                   + terminationGracePeriodSeconds = (known after apply)
TestTerraformCompleteExample 2022-07-30T22:56:28Z logger.go:66:                   + tolerations                   = (known after apply)
TestTerraformCompleteExample 2022-07-30T22:56:28Z logger.go:66:                   + topologySpreadConstraints     = (known after apply)
TestTerraformCompleteExample 2022-07-30T22:56:28Z logger.go:66:                 }
TestTerraformCompleteExample 2022-07-30T22:56:28Z logger.go:66:               + replicas                       = 1
TestTerraformCompleteExample 2022-07-30T22:56:28Z logger.go:66:               + telemetry                      = {
TestTerraformCompleteExample 2022-07-30T22:56:28Z logger.go:66:                   + global = (known after apply)
TestTerraformCompleteExample 2022-07-30T22:56:28Z logger.go:66:                 }
TestTerraformCompleteExample 2022-07-30T22:56:28Z logger.go:66:               + tls                            = {
TestTerraformCompleteExample 2022-07-30T22:56:28Z logger.go:66:                   + autoGeneratedCerts       = (known after apply)
TestTerraformCompleteExample 2022-07-30T22:56:28Z logger.go:66:                   + directoryPathInContainer = (known after apply)
TestTerraformCompleteExample 2022-07-30T22:56:28Z logger.go:66:                   + ignoreTrustStoreConfig   = (known after apply)
TestTerraformCompleteExample 2022-07-30T22:56:28Z logger.go:66:                   + jksPassword              = {
TestTerraformCompleteExample 2022-07-30T22:56:28Z logger.go:66:                       + secretRef = (known after apply)
TestTerraformCompleteExample 2022-07-30T22:56:28Z logger.go:66:                     }
TestTerraformCompleteExample 2022-07-30T22:56:28Z logger.go:66:                   + secretRef                = (known after apply)
TestTerraformCompleteExample 2022-07-30T22:56:28Z logger.go:66:                 }
TestTerraformCompleteExample 2022-07-30T22:56:28Z logger.go:66:               + valueConverterType             = (known after apply)
TestTerraformCompleteExample 2022-07-30T22:56:28Z logger.go:66:             }
TestTerraformCompleteExample 2022-07-30T22:56:28Z logger.go:66:         }
TestTerraformCompleteExample 2022-07-30T22:56:28Z logger.go:66:
TestTerraformCompleteExample 2022-07-30T22:56:28Z logger.go:66:       + timeouts {
TestTerraformCompleteExample 2022-07-30T22:56:28Z logger.go:66:           + create = "1h"
TestTerraformCompleteExample 2022-07-30T22:56:28Z logger.go:66:           + delete = "10m"
TestTerraformCompleteExample 2022-07-30T22:56:28Z logger.go:66:           + update = "1h"
TestTerraformCompleteExample 2022-07-30T22:56:28Z logger.go:66:         }
TestTerraformCompleteExample 2022-07-30T22:56:28Z logger.go:66:
TestTerraformCompleteExample 2022-07-30T22:56:28Z logger.go:66:       + wait {
TestTerraformCompleteExample 2022-07-30T22:56:28Z logger.go:66:           + fields = {
TestTerraformCompleteExample 2022-07-30T22:56:28Z logger.go:66:               + "status.phase" = "RUNNING"
TestTerraformCompleteExample 2022-07-30T22:56:28Z logger.go:66:             }
TestTerraformCompleteExample 2022-07-30T22:56:28Z logger.go:66:         }
TestTerraformCompleteExample 2022-07-30T22:56:28Z logger.go:66:     }
TestTerraformCompleteExample 2022-07-30T22:56:28Z logger.go:66:
TestTerraformCompleteExample 2022-07-30T22:56:28Z logger.go:66:   # module.confluent_platform.kubernetes_manifest.component["controlcenter"] will be created
TestTerraformCompleteExample 2022-07-30T22:56:28Z logger.go:66:   + resource "kubernetes_manifest" "component" {
TestTerraformCompleteExample 2022-07-30T22:56:28Z logger.go:66:       + computed_fields = [
TestTerraformCompleteExample 2022-07-30T22:56:28Z logger.go:66:           + "metadata.finalizers",
TestTerraformCompleteExample 2022-07-30T22:56:28Z logger.go:66:         ]
TestTerraformCompleteExample 2022-07-30T22:56:28Z logger.go:66:       + manifest        = {
TestTerraformCompleteExample 2022-07-30T22:56:28Z logger.go:66:           + apiVersion = "platform.confluent.io/v1beta1"
TestTerraformCompleteExample 2022-07-30T22:56:28Z logger.go:66:           + kind       = "ControlCenter"
TestTerraformCompleteExample 2022-07-30T22:56:28Z logger.go:66:           + metadata   = {
TestTerraformCompleteExample 2022-07-30T22:56:28Z logger.go:66:               + name      = "controlcenter"
TestTerraformCompleteExample 2022-07-30T22:56:28Z logger.go:66:               + namespace = "confluent"
TestTerraformCompleteExample 2022-07-30T22:56:28Z logger.go:66:             }
TestTerraformCompleteExample 2022-07-30T22:56:28Z logger.go:66:           + spec       = {
TestTerraformCompleteExample 2022-07-30T22:56:28Z logger.go:66:               + dataVolumeCapacity = "10Gi"
TestTerraformCompleteExample 2022-07-30T22:56:28Z logger.go:66:               + dependencies       = {
TestTerraformCompleteExample 2022-07-30T22:56:28Z logger.go:66:                   + connect        = [
TestTerraformCompleteExample 2022-07-30T22:56:28Z logger.go:66:                       + {
TestTerraformCompleteExample 2022-07-30T22:56:28Z logger.go:66:                           + name = "connect"
TestTerraformCompleteExample 2022-07-30T22:56:28Z logger.go:66:                           + url  = "http://connect.confluent.svc.cluster.local:8083"
TestTerraformCompleteExample 2022-07-30T22:56:28Z logger.go:66:                         },
TestTerraformCompleteExample 2022-07-30T22:56:28Z logger.go:66:                     ]
TestTerraformCompleteExample 2022-07-30T22:56:28Z logger.go:66:                   + ksqldb         = [
TestTerraformCompleteExample 2022-07-30T22:56:28Z logger.go:66:                       + {
TestTerraformCompleteExample 2022-07-30T22:56:28Z logger.go:66:                           + name = "ksqldb"
TestTerraformCompleteExample 2022-07-30T22:56:28Z logger.go:66:                           + url  = "http://ksqldb.confluent.svc.cluster.local:8088"
TestTerraformCompleteExample 2022-07-30T22:56:28Z logger.go:66:                         },
TestTerraformCompleteExample 2022-07-30T22:56:28Z logger.go:66:                     ]
TestTerraformCompleteExample 2022-07-30T22:56:28Z logger.go:66:                   + schemaRegistry = {
TestTerraformCompleteExample 2022-07-30T22:56:28Z logger.go:66:                       + url = "http://schemaregistry.confluent.svc.cluster.local:8081"
TestTerraformCompleteExample 2022-07-30T22:56:28Z logger.go:66:                     }
TestTerraformCompleteExample 2022-07-30T22:56:28Z logger.go:66:                 }
TestTerraformCompleteExample 2022-07-30T22:56:28Z logger.go:66:               + image              = {
TestTerraformCompleteExample 2022-07-30T22:56:28Z logger.go:66:                   + application = "confluentinc/cp-enterprise-control-center:7.2.0"
TestTerraformCompleteExample 2022-07-30T22:56:28Z logger.go:66:                   + init        = "confluentinc/confluent-init-container:2.4.0"
TestTerraformCompleteExample 2022-07-30T22:56:28Z logger.go:66:                 }
TestTerraformCompleteExample 2022-07-30T22:56:28Z logger.go:66:               + replicas           = 1
TestTerraformCompleteExample 2022-07-30T22:56:28Z logger.go:66:             }
TestTerraformCompleteExample 2022-07-30T22:56:28Z logger.go:66:         }
TestTerraformCompleteExample 2022-07-30T22:56:28Z logger.go:66:       + object          = {
TestTerraformCompleteExample 2022-07-30T22:56:28Z logger.go:66:           + apiVersion = "platform.confluent.io/v1beta1"
TestTerraformCompleteExample 2022-07-30T22:56:28Z logger.go:66:           + kind       = "ControlCenter"
TestTerraformCompleteExample 2022-07-30T22:56:28Z logger.go:66:           + metadata   = {
TestTerraformCompleteExample 2022-07-30T22:56:28Z logger.go:66:               + annotations                = (known after apply)
TestTerraformCompleteExample 2022-07-30T22:56:28Z logger.go:66:               + clusterName                = (known after apply)
TestTerraformCompleteExample 2022-07-30T22:56:28Z logger.go:66:               + creationTimestamp          = (known after apply)
TestTerraformCompleteExample 2022-07-30T22:56:28Z logger.go:66:               + deletionGracePeriodSeconds = (known after apply)
TestTerraformCompleteExample 2022-07-30T22:56:28Z logger.go:66:               + deletionTimestamp          = (known after apply)
TestTerraformCompleteExample 2022-07-30T22:56:28Z logger.go:66:               + finalizers                 = (known after apply)
TestTerraformCompleteExample 2022-07-30T22:56:28Z logger.go:66:               + generateName               = (known after apply)
TestTerraformCompleteExample 2022-07-30T22:56:28Z logger.go:66:               + generation                 = (known after apply)
TestTerraformCompleteExample 2022-07-30T22:56:28Z logger.go:66:               + labels                     = (known after apply)
TestTerraformCompleteExample 2022-07-30T22:56:28Z logger.go:66:               + managedFields              = (known after apply)
TestTerraformCompleteExample 2022-07-30T22:56:28Z logger.go:66:               + name                       = "controlcenter"
TestTerraformCompleteExample 2022-07-30T22:56:28Z logger.go:66:               + namespace                  = "confluent"
TestTerraformCompleteExample 2022-07-30T22:56:28Z logger.go:66:               + ownerReferences            = (known after apply)
TestTerraformCompleteExample 2022-07-30T22:56:28Z logger.go:66:               + resourceVersion            = (known after apply)
TestTerraformCompleteExample 2022-07-30T22:56:28Z logger.go:66:               + selfLink                   = (known after apply)
TestTerraformCompleteExample 2022-07-30T22:56:28Z logger.go:66:               + uid                        = (known after apply)
TestTerraformCompleteExample 2022-07-30T22:56:28Z logger.go:66:             }
TestTerraformCompleteExample 2022-07-30T22:56:28Z logger.go:66:           + spec       = {
TestTerraformCompleteExample 2022-07-30T22:56:28Z logger.go:66:               + authentication                = {
TestTerraformCompleteExample 2022-07-30T22:56:28Z logger.go:66:                   + basic = {
TestTerraformCompleteExample 2022-07-30T22:56:28Z logger.go:66:                       + debug                    = (known after apply)
TestTerraformCompleteExample 2022-07-30T22:56:28Z logger.go:66:                       + directoryPathInContainer = (known after apply)
TestTerraformCompleteExample 2022-07-30T22:56:28Z logger.go:66:                       + restrictedRoles          = (known after apply)
TestTerraformCompleteExample 2022-07-30T22:56:28Z logger.go:66:                       + roles                    = (known after apply)
TestTerraformCompleteExample 2022-07-30T22:56:28Z logger.go:66:                       + secretRef                = (known after apply)
TestTerraformCompleteExample 2022-07-30T22:56:28Z logger.go:66:                     }
TestTerraformCompleteExample 2022-07-30T22:56:28Z logger.go:66:                   + ldap  = {
TestTerraformCompleteExample 2022-07-30T22:56:28Z logger.go:66:                       + debug           = (known after apply)
TestTerraformCompleteExample 2022-07-30T22:56:28Z logger.go:66:                       + property        = (known after apply)
TestTerraformCompleteExample 2022-07-30T22:56:28Z logger.go:66:                       + restrictedRoles = (known after apply)
TestTerraformCompleteExample 2022-07-30T22:56:28Z logger.go:66:                       + roles           = (known after apply)
TestTerraformCompleteExample 2022-07-30T22:56:28Z logger.go:66:                       + secretRef       = (known after apply)
TestTerraformCompleteExample 2022-07-30T22:56:28Z logger.go:66:                     }
TestTerraformCompleteExample 2022-07-30T22:56:28Z logger.go:66:                   + type  = (known after apply)
TestTerraformCompleteExample 2022-07-30T22:56:28Z logger.go:66:                 }
TestTerraformCompleteExample 2022-07-30T22:56:28Z logger.go:66:               + authorization                 = {
TestTerraformCompleteExample 2022-07-30T22:56:28Z logger.go:66:                   + kafkaRestClassRef = {
TestTerraformCompleteExample 2022-07-30T22:56:28Z logger.go:66:                       + name      = (known after apply)
TestTerraformCompleteExample 2022-07-30T22:56:28Z logger.go:66:                       + namespace = (known after apply)
TestTerraformCompleteExample 2022-07-30T22:56:28Z logger.go:66:                     }
TestTerraformCompleteExample 2022-07-30T22:56:28Z logger.go:66:                   + type              = (known after apply)
TestTerraformCompleteExample 2022-07-30T22:56:28Z logger.go:66:                 }
TestTerraformCompleteExample 2022-07-30T22:56:28Z logger.go:66:               + configOverrides               = {
TestTerraformCompleteExample 2022-07-30T22:56:28Z logger.go:66:                   + jvm    = (known after apply)
TestTerraformCompleteExample 2022-07-30T22:56:28Z logger.go:66:                   + log4j  = (known after apply)
TestTerraformCompleteExample 2022-07-30T22:56:28Z logger.go:66:                   + server = (known after apply)
TestTerraformCompleteExample 2022-07-30T22:56:28Z logger.go:66:                 }
TestTerraformCompleteExample 2022-07-30T22:56:28Z logger.go:66:               + dataVolumeCapacity            = "10Gi"
TestTerraformCompleteExample 2022-07-30T22:56:28Z logger.go:66:               + dependencies                  = {
TestTerraformCompleteExample 2022-07-30T22:56:28Z logger.go:66:                   + connect        = [
TestTerraformCompleteExample 2022-07-30T22:56:28Z logger.go:66:                       + {
TestTerraformCompleteExample 2022-07-30T22:56:28Z logger.go:66:                           + authentication = {
TestTerraformCompleteExample 2022-07-30T22:56:28Z logger.go:66:                               + basic = {
TestTerraformCompleteExample 2022-07-30T22:56:28Z logger.go:66:                                   + debug                    = (known after apply)
TestTerraformCompleteExample 2022-07-30T22:56:28Z logger.go:66:                                   + directoryPathInContainer = (known after apply)
TestTerraformCompleteExample 2022-07-30T22:56:28Z logger.go:66:                                   + restrictedRoles          = (known after apply)
TestTerraformCompleteExample 2022-07-30T22:56:28Z logger.go:66:                                   + roles                    = (known after apply)
TestTerraformCompleteExample 2022-07-30T22:56:28Z logger.go:66:                                   + secretRef                = (known after apply)
TestTerraformCompleteExample 2022-07-30T22:56:28Z logger.go:66:                                 }
TestTerraformCompleteExample 2022-07-30T22:56:28Z logger.go:66:                               + type  = (known after apply)
TestTerraformCompleteExample 2022-07-30T22:56:28Z logger.go:66:                             }
TestTerraformCompleteExample 2022-07-30T22:56:28Z logger.go:66:                           + name           = "connect"
TestTerraformCompleteExample 2022-07-30T22:56:28Z logger.go:66:                           + tls            = {
TestTerraformCompleteExample 2022-07-30T22:56:28Z logger.go:66:                               + directoryPathInContainer = (known after apply)
TestTerraformCompleteExample 2022-07-30T22:56:28Z logger.go:66:                               + enabled                  = (known after apply)
TestTerraformCompleteExample 2022-07-30T22:56:28Z logger.go:66:                               + ignoreTrustStoreConfig   = (known after apply)
TestTerraformCompleteExample 2022-07-30T22:56:28Z logger.go:66:                               + jksPassword              = {
TestTerraformCompleteExample 2022-07-30T22:56:28Z logger.go:66:                                   + secretRef = (known after apply)
TestTerraformCompleteExample 2022-07-30T22:56:28Z logger.go:66:                                 }
TestTerraformCompleteExample 2022-07-30T22:56:28Z logger.go:66:                               + secretRef                = (known after apply)
TestTerraformCompleteExample 2022-07-30T22:56:28Z logger.go:66:                             }
TestTerraformCompleteExample 2022-07-30T22:56:28Z logger.go:66:                           + url            = "http://connect.confluent.svc.cluster.local:8083"
TestTerraformCompleteExample 2022-07-30T22:56:28Z logger.go:66:                         },
TestTerraformCompleteExample 2022-07-30T22:56:28Z logger.go:66:                     ]
TestTerraformCompleteExample 2022-07-30T22:56:28Z logger.go:66:                   + kafka          = {
TestTerraformCompleteExample 2022-07-30T22:56:28Z logger.go:66:                       + authentication    = {
TestTerraformCompleteExample 2022-07-30T22:56:28Z logger.go:66:                           + jaasConfig            = {
TestTerraformCompleteExample 2022-07-30T22:56:28Z logger.go:66:                               + secretRef = (known after apply)
TestTerraformCompleteExample 2022-07-30T22:56:28Z logger.go:66:                             }
TestTerraformCompleteExample 2022-07-30T22:56:28Z logger.go:66:                           + jaasConfigPassThrough = {
TestTerraformCompleteExample 2022-07-30T22:56:28Z logger.go:66:                               + directoryPathInContainer = (known after apply)
TestTerraformCompleteExample 2022-07-30T22:56:28Z logger.go:66:                               + secretRef                = (known after apply)
TestTerraformCompleteExample 2022-07-30T22:56:28Z logger.go:66:                             }
TestTerraformCompleteExample 2022-07-30T22:56:28Z logger.go:66:                           + oauthbearer           = {
TestTerraformCompleteExample 2022-07-30T22:56:28Z logger.go:66:                               + directoryPathInContainer = (known after apply)
TestTerraformCompleteExample 2022-07-30T22:56:28Z logger.go:66:                               + secretRef                = (known after apply)
TestTerraformCompleteExample 2022-07-30T22:56:28Z logger.go:66:                             }
TestTerraformCompleteExample 2022-07-30T22:56:28Z logger.go:66:                           + type                  = (known after apply)
TestTerraformCompleteExample 2022-07-30T22:56:28Z logger.go:66:                         }
TestTerraformCompleteExample 2022-07-30T22:56:28Z logger.go:66:                       + bootstrapEndpoint = (known after apply)
TestTerraformCompleteExample 2022-07-30T22:56:28Z logger.go:66:                       + discovery         = {
TestTerraformCompleteExample 2022-07-30T22:56:28Z logger.go:66:                           + name      = (known after apply)
TestTerraformCompleteExample 2022-07-30T22:56:28Z logger.go:66:                           + namespace = (known after apply)
TestTerraformCompleteExample 2022-07-30T22:56:28Z logger.go:66:                           + secretRef = (known after apply)
TestTerraformCompleteExample 2022-07-30T22:56:28Z logger.go:66:                         }
TestTerraformCompleteExample 2022-07-30T22:56:28Z logger.go:66:                       + tls               = {
TestTerraformCompleteExample 2022-07-30T22:56:28Z logger.go:66:                           + directoryPathInContainer = (known after apply)
TestTerraformCompleteExample 2022-07-30T22:56:28Z logger.go:66:                           + enabled                  = (known after apply)
TestTerraformCompleteExample 2022-07-30T22:56:28Z logger.go:66:                           + ignoreTrustStoreConfig   = (known after apply)
TestTerraformCompleteExample 2022-07-30T22:56:28Z logger.go:66:                           + jksPassword              = {
TestTerraformCompleteExample 2022-07-30T22:56:28Z logger.go:66:                               + secretRef = (known after apply)
TestTerraformCompleteExample 2022-07-30T22:56:28Z logger.go:66:                             }
TestTerraformCompleteExample 2022-07-30T22:56:28Z logger.go:66:                           + secretRef                = (known after apply)
TestTerraformCompleteExample 2022-07-30T22:56:28Z logger.go:66:                         }
TestTerraformCompleteExample 2022-07-30T22:56:28Z logger.go:66:                     }
TestTerraformCompleteExample 2022-07-30T22:56:28Z logger.go:66:                   + ksqldb         = [
TestTerraformCompleteExample 2022-07-30T22:56:28Z logger.go:66:                       + {
TestTerraformCompleteExample 2022-07-30T22:56:28Z logger.go:66:                           + advertisedUrl  = (known after apply)
TestTerraformCompleteExample 2022-07-30T22:56:28Z logger.go:66:                           + authentication = {
TestTerraformCompleteExample 2022-07-30T22:56:28Z logger.go:66:                               + basic = {
TestTerraformCompleteExample 2022-07-30T22:56:28Z logger.go:66:                                   + debug                    = (known after apply)
TestTerraformCompleteExample 2022-07-30T22:56:28Z logger.go:66:                                   + directoryPathInContainer = (known after apply)
TestTerraformCompleteExample 2022-07-30T22:56:28Z logger.go:66:                                   + restrictedRoles          = (known after apply)
TestTerraformCompleteExample 2022-07-30T22:56:28Z logger.go:66:                                   + roles                    = (known after apply)
TestTerraformCompleteExample 2022-07-30T22:56:28Z logger.go:66:                                   + secretRef                = (known after apply)
TestTerraformCompleteExample 2022-07-30T22:56:28Z logger.go:66:                                 }
TestTerraformCompleteExample 2022-07-30T22:56:28Z logger.go:66:                               + type  = (known after apply)
TestTerraformCompleteExample 2022-07-30T22:56:28Z logger.go:66:                             }
TestTerraformCompleteExample 2022-07-30T22:56:28Z logger.go:66:                           + name           = "ksqldb"
TestTerraformCompleteExample 2022-07-30T22:56:28Z logger.go:66:                           + tls            = {
TestTerraformCompleteExample 2022-07-30T22:56:28Z logger.go:66:                               + directoryPathInContainer = (known after apply)
TestTerraformCompleteExample 2022-07-30T22:56:28Z logger.go:66:                               + enabled                  = (known after apply)
TestTerraformCompleteExample 2022-07-30T22:56:28Z logger.go:66:                               + ignoreTrustStoreConfig   = (known after apply)
TestTerraformCompleteExample 2022-07-30T22:56:28Z logger.go:66:                               + jksPassword              = {
TestTerraformCompleteExample 2022-07-30T22:56:28Z logger.go:66:                                   + secretRef = (known after apply)
TestTerraformCompleteExample 2022-07-30T22:56:28Z logger.go:66:                                 }
TestTerraformCompleteExample 2022-07-30T22:56:28Z logger.go:66:                               + secretRef                = (known after apply)
TestTerraformCompleteExample 2022-07-30T22:56:28Z logger.go:66:                             }
TestTerraformCompleteExample 2022-07-30T22:56:28Z logger.go:66:                           + url            = "http://ksqldb.confluent.svc.cluster.local:8088"
TestTerraformCompleteExample 2022-07-30T22:56:28Z logger.go:66:                         },
TestTerraformCompleteExample 2022-07-30T22:56:28Z logger.go:66:                     ]
TestTerraformCompleteExample 2022-07-30T22:56:28Z logger.go:66:                   + mds            = {
TestTerraformCompleteExample 2022-07-30T22:56:28Z logger.go:66:                       + authentication = {
TestTerraformCompleteExample 2022-07-30T22:56:28Z logger.go:66:                           + bearer = {
TestTerraformCompleteExample 2022-07-30T22:56:28Z logger.go:66:                               + directoryPathInContainer = (known after apply)
TestTerraformCompleteExample 2022-07-30T22:56:28Z logger.go:66:                               + secretRef                = (known after apply)
TestTerraformCompleteExample 2022-07-30T22:56:28Z logger.go:66:                             }
TestTerraformCompleteExample 2022-07-30T22:56:28Z logger.go:66:                           + type   = (known after apply)
TestTerraformCompleteExample 2022-07-30T22:56:28Z logger.go:66:                         }
TestTerraformCompleteExample 2022-07-30T22:56:28Z logger.go:66:                       + endpoint       = (known after apply)
TestTerraformCompleteExample 2022-07-30T22:56:28Z logger.go:66:                       + tls            = {
TestTerraformCompleteExample 2022-07-30T22:56:28Z logger.go:66:                           + directoryPathInContainer = (known after apply)
TestTerraformCompleteExample 2022-07-30T22:56:28Z logger.go:66:                           + enabled                  = (known after apply)
TestTerraformCompleteExample 2022-07-30T22:56:28Z logger.go:66:                           + ignoreTrustStoreConfig   = (known after apply)
TestTerraformCompleteExample 2022-07-30T22:56:28Z logger.go:66:                           + jksPassword              = {
TestTerraformCompleteExample 2022-07-30T22:56:28Z logger.go:66:                               + secretRef = (known after apply)
TestTerraformCompleteExample 2022-07-30T22:56:28Z logger.go:66:                             }
TestTerraformCompleteExample 2022-07-30T22:56:28Z logger.go:66:                           + secretRef                = (known after apply)
TestTerraformCompleteExample 2022-07-30T22:56:28Z logger.go:66:                         }
TestTerraformCompleteExample 2022-07-30T22:56:28Z logger.go:66:                       + tokenKeyPair   = {
TestTerraformCompleteExample 2022-07-30T22:56:28Z logger.go:66:                           + directoryPathInContainer = (known after apply)
TestTerraformCompleteExample 2022-07-30T22:56:28Z logger.go:66:                           + secretRef                = (known after apply)
TestTerraformCompleteExample 2022-07-30T22:56:28Z logger.go:66:                         }
TestTerraformCompleteExample 2022-07-30T22:56:28Z logger.go:66:                     }
TestTerraformCompleteExample 2022-07-30T22:56:28Z logger.go:66:                   + schemaRegistry = {
TestTerraformCompleteExample 2022-07-30T22:56:28Z logger.go:66:                       + authentication = {
TestTerraformCompleteExample 2022-07-30T22:56:28Z logger.go:66:                           + basic = {
TestTerraformCompleteExample 2022-07-30T22:56:28Z logger.go:66:                               + debug                    = (known after apply)
TestTerraformCompleteExample 2022-07-30T22:56:28Z logger.go:66:                               + directoryPathInContainer = (known after apply)
TestTerraformCompleteExample 2022-07-30T22:56:28Z logger.go:66:                               + restrictedRoles          = (known after apply)
TestTerraformCompleteExample 2022-07-30T22:56:28Z logger.go:66:                               + roles                    = (known after apply)
TestTerraformCompleteExample 2022-07-30T22:56:28Z logger.go:66:                               + secretRef                = (known after apply)
TestTerraformCompleteExample 2022-07-30T22:56:28Z logger.go:66:                             }
TestTerraformCompleteExample 2022-07-30T22:56:28Z logger.go:66:                           + type  = (known after apply)
TestTerraformCompleteExample 2022-07-30T22:56:28Z logger.go:66:                         }
TestTerraformCompleteExample 2022-07-30T22:56:28Z logger.go:66:                       + clusters       = (known after apply)
TestTerraformCompleteExample 2022-07-30T22:56:28Z logger.go:66:                       + tls            = {
TestTerraformCompleteExample 2022-07-30T22:56:28Z logger.go:66:                           + directoryPathInContainer = (known after apply)
TestTerraformCompleteExample 2022-07-30T22:56:28Z logger.go:66:                           + enabled                  = (known after apply)
TestTerraformCompleteExample 2022-07-30T22:56:28Z logger.go:66:                           + ignoreTrustStoreConfig   = (known after apply)
TestTerraformCompleteExample 2022-07-30T22:56:28Z logger.go:66:                           + jksPassword              = {
TestTerraformCompleteExample 2022-07-30T22:56:28Z logger.go:66:                               + secretRef = (known after apply)
TestTerraformCompleteExample 2022-07-30T22:56:28Z logger.go:66:                             }
TestTerraformCompleteExample 2022-07-30T22:56:28Z logger.go:66:                           + secretRef                = (known after apply)
TestTerraformCompleteExample 2022-07-30T22:56:28Z logger.go:66:                         }
TestTerraformCompleteExample 2022-07-30T22:56:28Z logger.go:66:                       + url            = "http://schemaregistry.confluent.svc.cluster.local:8081"
TestTerraformCompleteExample 2022-07-30T22:56:28Z logger.go:66:                     }
TestTerraformCompleteExample 2022-07-30T22:56:28Z logger.go:66:                 }
TestTerraformCompleteExample 2022-07-30T22:56:28Z logger.go:66:               + externalAccess                = {
TestTerraformCompleteExample 2022-07-30T22:56:28Z logger.go:66:                   + loadBalancer = {
TestTerraformCompleteExample 2022-07-30T22:56:28Z logger.go:66:                       + advertisedURL            = {
TestTerraformCompleteExample 2022-07-30T22:56:28Z logger.go:66:                           + enabled = (known after apply)
TestTerraformCompleteExample 2022-07-30T22:56:28Z logger.go:66:                           + prefix  = (known after apply)
TestTerraformCompleteExample 2022-07-30T22:56:28Z logger.go:66:                         }
TestTerraformCompleteExample 2022-07-30T22:56:28Z logger.go:66:                       + annotations              = (known after apply)
TestTerraformCompleteExample 2022-07-30T22:56:28Z logger.go:66:                       + domain                   = (known after apply)
TestTerraformCompleteExample 2022-07-30T22:56:28Z logger.go:66:                       + externalTrafficPolicy    = (known after apply)
TestTerraformCompleteExample 2022-07-30T22:56:28Z logger.go:66:                       + labels                   = (known after apply)
TestTerraformCompleteExample 2022-07-30T22:56:28Z logger.go:66:                       + loadBalancerSourceRanges = (known after apply)
TestTerraformCompleteExample 2022-07-30T22:56:28Z logger.go:66:                       + port                     = (known after apply)
TestTerraformCompleteExample 2022-07-30T22:56:28Z logger.go:66:                       + prefix                   = (known after apply)
TestTerraformCompleteExample 2022-07-30T22:56:28Z logger.go:66:                       + servicePorts             = (known after apply)
TestTerraformCompleteExample 2022-07-30T22:56:28Z logger.go:66:                       + sessionAffinity          = (known after apply)
TestTerraformCompleteExample 2022-07-30T22:56:28Z logger.go:66:                       + sessionAffinityConfig    = {
TestTerraformCompleteExample 2022-07-30T22:56:28Z logger.go:66:                           + clientIP = {
TestTerraformCompleteExample 2022-07-30T22:56:28Z logger.go:66:                               + timeoutSeconds = (known after apply)
TestTerraformCompleteExample 2022-07-30T22:56:28Z logger.go:66:                             }
TestTerraformCompleteExample 2022-07-30T22:56:28Z logger.go:66:                         }
TestTerraformCompleteExample 2022-07-30T22:56:28Z logger.go:66:                     }
TestTerraformCompleteExample 2022-07-30T22:56:28Z logger.go:66:                   + nodePort     = {
TestTerraformCompleteExample 2022-07-30T22:56:28Z logger.go:66:                       + advertisedURL         = {
TestTerraformCompleteExample 2022-07-30T22:56:28Z logger.go:66:                           + enabled = (known after apply)
TestTerraformCompleteExample 2022-07-30T22:56:28Z logger.go:66:                           + prefix  = (known after apply)
TestTerraformCompleteExample 2022-07-30T22:56:28Z logger.go:66:                         }
TestTerraformCompleteExample 2022-07-30T22:56:28Z logger.go:66:                       + annotations           = (known after apply)
TestTerraformCompleteExample 2022-07-30T22:56:28Z logger.go:66:                       + externalTrafficPolicy = (known after apply)
TestTerraformCompleteExample 2022-07-30T22:56:28Z logger.go:66:                       + host                  = (known after apply)
TestTerraformCompleteExample 2022-07-30T22:56:28Z logger.go:66:                       + labels                = (known after apply)
TestTerraformCompleteExample 2022-07-30T22:56:28Z logger.go:66:                       + nodePortOffset        = (known after apply)
TestTerraformCompleteExample 2022-07-30T22:56:28Z logger.go:66:                       + servicePorts          = (known after apply)
TestTerraformCompleteExample 2022-07-30T22:56:28Z logger.go:66:                       + sessionAffinity       = (known after apply)
TestTerraformCompleteExample 2022-07-30T22:56:28Z logger.go:66:                       + sessionAffinityConfig = {
TestTerraformCompleteExample 2022-07-30T22:56:28Z logger.go:66:                           + clientIP = {
TestTerraformCompleteExample 2022-07-30T22:56:28Z logger.go:66:                               + timeoutSeconds = (known after apply)
TestTerraformCompleteExample 2022-07-30T22:56:28Z logger.go:66:                             }
TestTerraformCompleteExample 2022-07-30T22:56:28Z logger.go:66:                         }
TestTerraformCompleteExample 2022-07-30T22:56:28Z logger.go:66:                     }
TestTerraformCompleteExample 2022-07-30T22:56:28Z logger.go:66:                   + route        = {
TestTerraformCompleteExample 2022-07-30T22:56:28Z logger.go:66:                       + annotations    = (known after apply)
TestTerraformCompleteExample 2022-07-30T22:56:28Z logger.go:66:                       + domain         = (known after apply)
TestTerraformCompleteExample 2022-07-30T22:56:28Z logger.go:66:                       + labels         = (known after apply)
TestTerraformCompleteExample 2022-07-30T22:56:28Z logger.go:66:                       + prefix         = (known after apply)
TestTerraformCompleteExample 2022-07-30T22:56:28Z logger.go:66:                       + wildcardPolicy = (known after apply)
TestTerraformCompleteExample 2022-07-30T22:56:28Z logger.go:66:                     }
TestTerraformCompleteExample 2022-07-30T22:56:28Z logger.go:66:                   + type         = (known after apply)
TestTerraformCompleteExample 2022-07-30T22:56:28Z logger.go:66:                 }
TestTerraformCompleteExample 2022-07-30T22:56:28Z logger.go:66:               + headlessService               = {
TestTerraformCompleteExample 2022-07-30T22:56:28Z logger.go:66:                   + annotations              = (known after apply)
TestTerraformCompleteExample 2022-07-30T22:56:28Z logger.go:66:                   + labels                   = (known after apply)
TestTerraformCompleteExample 2022-07-30T22:56:28Z logger.go:66:                   + publishNotReadyAddresses = (known after apply)
TestTerraformCompleteExample 2022-07-30T22:56:28Z logger.go:66:                 }
TestTerraformCompleteExample 2022-07-30T22:56:28Z logger.go:66:               + id                            = (known after apply)
TestTerraformCompleteExample 2022-07-30T22:56:28Z logger.go:66:               + image                         = {
TestTerraformCompleteExample 2022-07-30T22:56:28Z logger.go:66:                   + application   = "confluentinc/cp-enterprise-control-center:7.2.0"
TestTerraformCompleteExample 2022-07-30T22:56:28Z logger.go:66:                   + init          = "confluentinc/confluent-init-container:2.4.0"
TestTerraformCompleteExample 2022-07-30T22:56:28Z logger.go:66:                   + pullPolicy    = (known after apply)
TestTerraformCompleteExample 2022-07-30T22:56:28Z logger.go:66:                   + pullSecretRef = (known after apply)
TestTerraformCompleteExample 2022-07-30T22:56:28Z logger.go:66:                 }
TestTerraformCompleteExample 2022-07-30T22:56:28Z logger.go:66:               + injectAnnotations             = (known after apply)
TestTerraformCompleteExample 2022-07-30T22:56:28Z logger.go:66:               + injectLabels                  = (known after apply)
TestTerraformCompleteExample 2022-07-30T22:56:28Z logger.go:66:               + internalTopicReplicatorFactor = (known after apply)
TestTerraformCompleteExample 2022-07-30T22:56:28Z logger.go:66:               + k8sClusterDomain              = (known after apply)
TestTerraformCompleteExample 2022-07-30T22:56:28Z logger.go:66:               + license                       = {
TestTerraformCompleteExample 2022-07-30T22:56:28Z logger.go:66:                   + directoryPathInContainer = (known after apply)
TestTerraformCompleteExample 2022-07-30T22:56:28Z logger.go:66:                   + globalLicense            = (known after apply)
TestTerraformCompleteExample 2022-07-30T22:56:28Z logger.go:66:                   + secretRef                = (known after apply)
TestTerraformCompleteExample 2022-07-30T22:56:28Z logger.go:66:                 }
TestTerraformCompleteExample 2022-07-30T22:56:28Z logger.go:66:               + mail                          = {
TestTerraformCompleteExample 2022-07-30T22:56:28Z logger.go:66:                   + authentication      = {
TestTerraformCompleteExample 2022-07-30T22:56:28Z logger.go:66:                       + basic = {
TestTerraformCompleteExample 2022-07-30T22:56:28Z logger.go:66:                           + debug                    = (known after apply)
TestTerraformCompleteExample 2022-07-30T22:56:28Z logger.go:66:                           + directoryPathInContainer = (known after apply)
TestTerraformCompleteExample 2022-07-30T22:56:28Z logger.go:66:                           + restrictedRoles          = (known after apply)
TestTerraformCompleteExample 2022-07-30T22:56:28Z logger.go:66:                           + roles                    = (known after apply)
TestTerraformCompleteExample 2022-07-30T22:56:28Z logger.go:66:                           + secretRef                = (known after apply)
TestTerraformCompleteExample 2022-07-30T22:56:28Z logger.go:66:                         }
TestTerraformCompleteExample 2022-07-30T22:56:28Z logger.go:66:                       + type  = (known after apply)
TestTerraformCompleteExample 2022-07-30T22:56:28Z logger.go:66:                     }
TestTerraformCompleteExample 2022-07-30T22:56:28Z logger.go:66:                   + checkServerIdentity = (known after apply)
TestTerraformCompleteExample 2022-07-30T22:56:28Z logger.go:66:                   + hostname            = (known after apply)
TestTerraformCompleteExample 2022-07-30T22:56:28Z logger.go:66:                   + mailBounceAddress   = (known after apply)
TestTerraformCompleteExample 2022-07-30T22:56:28Z logger.go:66:                   + mailFrom            = (known after apply)
TestTerraformCompleteExample 2022-07-30T22:56:28Z logger.go:66:                   + port                = (known after apply)
TestTerraformCompleteExample 2022-07-30T22:56:28Z logger.go:66:                   + startTLSRequired    = (known after apply)
TestTerraformCompleteExample 2022-07-30T22:56:28Z logger.go:66:                 }
TestTerraformCompleteExample 2022-07-30T22:56:28Z logger.go:66:               + metrics                       = {
TestTerraformCompleteExample 2022-07-30T22:56:28Z logger.go:66:                   + authentication = {
TestTerraformCompleteExample 2022-07-30T22:56:28Z logger.go:66:                       + type = (known after apply)
TestTerraformCompleteExample 2022-07-30T22:56:28Z logger.go:66:                     }
TestTerraformCompleteExample 2022-07-30T22:56:28Z logger.go:66:                   + prometheus     = {
TestTerraformCompleteExample 2022-07-30T22:56:28Z logger.go:66:                       + blacklist = (known after apply)
TestTerraformCompleteExample 2022-07-30T22:56:28Z logger.go:66:                       + rules     = (known after apply)
TestTerraformCompleteExample 2022-07-30T22:56:28Z logger.go:66:                       + whitelist = (known after apply)
TestTerraformCompleteExample 2022-07-30T22:56:28Z logger.go:66:                     }
TestTerraformCompleteExample 2022-07-30T22:56:28Z logger.go:66:                   + tls            = {
TestTerraformCompleteExample 2022-07-30T22:56:28Z logger.go:66:                       + directoryPathInContainer = (known after apply)
TestTerraformCompleteExample 2022-07-30T22:56:28Z logger.go:66:                       + enabled                  = (known after apply)
TestTerraformCompleteExample 2022-07-30T22:56:28Z logger.go:66:                       + ignoreTrustStoreConfig   = (known after apply)
TestTerraformCompleteExample 2022-07-30T22:56:28Z logger.go:66:                       + jksPassword              = {
TestTerraformCompleteExample 2022-07-30T22:56:28Z logger.go:66:                           + secretRef = (known after apply)
TestTerraformCompleteExample 2022-07-30T22:56:28Z logger.go:66:                         }
TestTerraformCompleteExample 2022-07-30T22:56:28Z logger.go:66:                       + secretRef                = (known after apply)
TestTerraformCompleteExample 2022-07-30T22:56:28Z logger.go:66:                     }
TestTerraformCompleteExample 2022-07-30T22:56:28Z logger.go:66:                 }
TestTerraformCompleteExample 2022-07-30T22:56:28Z logger.go:66:               + monitoringKafkaClusters       = (known after apply)
TestTerraformCompleteExample 2022-07-30T22:56:28Z logger.go:66:               + mountedSecrets                = (known after apply)
TestTerraformCompleteExample 2022-07-30T22:56:28Z logger.go:66:               + mountedVolumes                = {
TestTerraformCompleteExample 2022-07-30T22:56:28Z logger.go:66:                   + volumeMounts = (known after apply)
TestTerraformCompleteExample 2022-07-30T22:56:28Z logger.go:66:                   + volumes      = (known after apply)
TestTerraformCompleteExample 2022-07-30T22:56:28Z logger.go:66:                 }
TestTerraformCompleteExample 2022-07-30T22:56:28Z logger.go:66:               + name                          = (known after apply)
TestTerraformCompleteExample 2022-07-30T22:56:28Z logger.go:66:               + oneReplicaPerNode             = (known after apply)
TestTerraformCompleteExample 2022-07-30T22:56:28Z logger.go:66:               + podTemplate                   = {
TestTerraformCompleteExample 2022-07-30T22:56:28Z logger.go:66:                   + affinity                      = {
TestTerraformCompleteExample 2022-07-30T22:56:28Z logger.go:66:                       + nodeAffinity    = {
TestTerraformCompleteExample 2022-07-30T22:56:28Z logger.go:66:                           + preferredDuringSchedulingIgnoredDuringExecution = (known after apply)
TestTerraformCompleteExample 2022-07-30T22:56:28Z logger.go:66:                           + requiredDuringSchedulingIgnoredDuringExecution  = {
TestTerraformCompleteExample 2022-07-30T22:56:28Z logger.go:66:                               + nodeSelectorTerms = (known after apply)
TestTerraformCompleteExample 2022-07-30T22:56:28Z logger.go:66:                             }
TestTerraformCompleteExample 2022-07-30T22:56:28Z logger.go:66:                         }
TestTerraformCompleteExample 2022-07-30T22:56:28Z logger.go:66:                       + podAffinity     = {
TestTerraformCompleteExample 2022-07-30T22:56:28Z logger.go:66:                           + preferredDuringSchedulingIgnoredDuringExecution = (known after apply)
TestTerraformCompleteExample 2022-07-30T22:56:28Z logger.go:66:                           + requiredDuringSchedulingIgnoredDuringExecution  = (known after apply)
TestTerraformCompleteExample 2022-07-30T22:56:28Z logger.go:66:                         }
TestTerraformCompleteExample 2022-07-30T22:56:28Z logger.go:66:                       + podAntiAffinity = {
TestTerraformCompleteExample 2022-07-30T22:56:28Z logger.go:66:                           + preferredDuringSchedulingIgnoredDuringExecution = (known after apply)
TestTerraformCompleteExample 2022-07-30T22:56:28Z logger.go:66:                           + requiredDuringSchedulingIgnoredDuringExecution  = (known after apply)
TestTerraformCompleteExample 2022-07-30T22:56:28Z logger.go:66:                         }
TestTerraformCompleteExample 2022-07-30T22:56:28Z logger.go:66:                     }
TestTerraformCompleteExample 2022-07-30T22:56:28Z logger.go:66:                   + annotations                   = (known after apply)
TestTerraformCompleteExample 2022-07-30T22:56:28Z logger.go:66:                   + envVars                       = (known after apply)
TestTerraformCompleteExample 2022-07-30T22:56:28Z logger.go:66:                   + labels                        = (known after apply)
TestTerraformCompleteExample 2022-07-30T22:56:28Z logger.go:66:                   + podSecurityContext            = {
TestTerraformCompleteExample 2022-07-30T22:56:28Z logger.go:66:                       + fsGroup             = (known after apply)
TestTerraformCompleteExample 2022-07-30T22:56:28Z logger.go:66:                       + fsGroupChangePolicy = (known after apply)
TestTerraformCompleteExample 2022-07-30T22:56:28Z logger.go:66:                       + runAsGroup          = (known after apply)
TestTerraformCompleteExample 2022-07-30T22:56:28Z logger.go:66:                       + runAsNonRoot        = (known after apply)
TestTerraformCompleteExample 2022-07-30T22:56:28Z logger.go:66:                       + runAsUser           = (known after apply)
TestTerraformCompleteExample 2022-07-30T22:56:28Z logger.go:66:                       + seLinuxOptions      = {
TestTerraformCompleteExample 2022-07-30T22:56:28Z logger.go:66:                           + level = (known after apply)
TestTerraformCompleteExample 2022-07-30T22:56:28Z logger.go:66:                           + role  = (known after apply)
TestTerraformCompleteExample 2022-07-30T22:56:28Z logger.go:66:                           + type  = (known after apply)
TestTerraformCompleteExample 2022-07-30T22:56:28Z logger.go:66:                           + user  = (known after apply)
TestTerraformCompleteExample 2022-07-30T22:56:28Z logger.go:66:                         }
TestTerraformCompleteExample 2022-07-30T22:56:28Z logger.go:66:                       + seccompProfile      = {
TestTerraformCompleteExample 2022-07-30T22:56:28Z logger.go:66:                           + localhostProfile = (known after apply)
TestTerraformCompleteExample 2022-07-30T22:56:28Z logger.go:66:                           + type             = (known after apply)
TestTerraformCompleteExample 2022-07-30T22:56:28Z logger.go:66:                         }
TestTerraformCompleteExample 2022-07-30T22:56:28Z logger.go:66:                       + supplementalGroups  = (known after apply)
TestTerraformCompleteExample 2022-07-30T22:56:28Z logger.go:66:                       + sysctls             = (known after apply)
TestTerraformCompleteExample 2022-07-30T22:56:28Z logger.go:66:                       + windowsOptions      = {
TestTerraformCompleteExample 2022-07-30T22:56:28Z logger.go:66:                           + gmsaCredentialSpec     = (known after apply)
TestTerraformCompleteExample 2022-07-30T22:56:28Z logger.go:66:                           + gmsaCredentialSpecName = (known after apply)
TestTerraformCompleteExample 2022-07-30T22:56:28Z logger.go:66:                           + hostProcess            = (known after apply)
TestTerraformCompleteExample 2022-07-30T22:56:28Z logger.go:66:                           + runAsUserName          = (known after apply)
TestTerraformCompleteExample 2022-07-30T22:56:28Z logger.go:66:                         }
TestTerraformCompleteExample 2022-07-30T22:56:28Z logger.go:66:                     }
TestTerraformCompleteExample 2022-07-30T22:56:28Z logger.go:66:                   + priorityClassName             = (known after apply)
TestTerraformCompleteExample 2022-07-30T22:56:28Z logger.go:66:                   + probe                         = {
TestTerraformCompleteExample 2022-07-30T22:56:28Z logger.go:66:                       + liveness  = {
TestTerraformCompleteExample 2022-07-30T22:56:28Z logger.go:66:                           + failureThreshold    = (known after apply)
TestTerraformCompleteExample 2022-07-30T22:56:28Z logger.go:66:                           + initialDelaySeconds = (known after apply)
TestTerraformCompleteExample 2022-07-30T22:56:28Z logger.go:66:                           + periodSeconds       = (known after apply)
TestTerraformCompleteExample 2022-07-30T22:56:28Z logger.go:66:                           + successThreshold    = (known after apply)
TestTerraformCompleteExample 2022-07-30T22:56:28Z logger.go:66:                           + timeoutSeconds      = (known after apply)
TestTerraformCompleteExample 2022-07-30T22:56:28Z logger.go:66:                         }
TestTerraformCompleteExample 2022-07-30T22:56:28Z logger.go:66:                       + readiness = {
TestTerraformCompleteExample 2022-07-30T22:56:28Z logger.go:66:                           + failureThreshold    = (known after apply)
TestTerraformCompleteExample 2022-07-30T22:56:28Z logger.go:66:                           + initialDelaySeconds = (known after apply)
TestTerraformCompleteExample 2022-07-30T22:56:28Z logger.go:66:                           + periodSeconds       = (known after apply)
TestTerraformCompleteExample 2022-07-30T22:56:28Z logger.go:66:                           + successThreshold    = (known after apply)
TestTerraformCompleteExample 2022-07-30T22:56:28Z logger.go:66:                           + timeoutSeconds      = (known after apply)
TestTerraformCompleteExample 2022-07-30T22:56:28Z logger.go:66:                         }
TestTerraformCompleteExample 2022-07-30T22:56:28Z logger.go:66:                     }
TestTerraformCompleteExample 2022-07-30T22:56:28Z logger.go:66:                   + resources                     = {
TestTerraformCompleteExample 2022-07-30T22:56:28Z logger.go:66:                       + limits   = (known after apply)
TestTerraformCompleteExample 2022-07-30T22:56:28Z logger.go:66:                       + requests = (known after apply)
TestTerraformCompleteExample 2022-07-30T22:56:28Z logger.go:66:                     }
TestTerraformCompleteExample 2022-07-30T22:56:28Z logger.go:66:                   + securityContext               = {
TestTerraformCompleteExample 2022-07-30T22:56:28Z logger.go:66:                       + allowPrivilegeEscalation = (known after apply)
TestTerraformCompleteExample 2022-07-30T22:56:28Z logger.go:66:                       + capabilities             = {
TestTerraformCompleteExample 2022-07-30T22:56:28Z logger.go:66:                           + add  = (known after apply)
TestTerraformCompleteExample 2022-07-30T22:56:28Z logger.go:66:                           + drop = (known after apply)
TestTerraformCompleteExample 2022-07-30T22:56:28Z logger.go:66:                         }
TestTerraformCompleteExample 2022-07-30T22:56:28Z logger.go:66:                       + privileged               = (known after apply)
TestTerraformCompleteExample 2022-07-30T22:56:28Z logger.go:66:                       + procMount                = (known after apply)
TestTerraformCompleteExample 2022-07-30T22:56:28Z logger.go:66:                       + readOnlyRootFilesystem   = (known after apply)
TestTerraformCompleteExample 2022-07-30T22:56:28Z logger.go:66:                       + runAsGroup               = (known after apply)
TestTerraformCompleteExample 2022-07-30T22:56:28Z logger.go:66:                       + runAsNonRoot             = (known after apply)
TestTerraformCompleteExample 2022-07-30T22:56:28Z logger.go:66:                       + runAsUser                = (known after apply)
TestTerraformCompleteExample 2022-07-30T22:56:28Z logger.go:66:                       + seLinuxOptions           = {
TestTerraformCompleteExample 2022-07-30T22:56:28Z logger.go:66:                           + level = (known after apply)
TestTerraformCompleteExample 2022-07-30T22:56:28Z logger.go:66:                           + role  = (known after apply)
TestTerraformCompleteExample 2022-07-30T22:56:28Z logger.go:66:                           + type  = (known after apply)
TestTerraformCompleteExample 2022-07-30T22:56:28Z logger.go:66:                           + user  = (known after apply)
TestTerraformCompleteExample 2022-07-30T22:56:28Z logger.go:66:                         }
TestTerraformCompleteExample 2022-07-30T22:56:28Z logger.go:66:                       + seccompProfile           = {
TestTerraformCompleteExample 2022-07-30T22:56:28Z logger.go:66:                           + localhostProfile = (known after apply)
TestTerraformCompleteExample 2022-07-30T22:56:28Z logger.go:66:                           + type             = (known after apply)
TestTerraformCompleteExample 2022-07-30T22:56:28Z logger.go:66:                         }
TestTerraformCompleteExample 2022-07-30T22:56:28Z logger.go:66:                       + windowsOptions           = {
TestTerraformCompleteExample 2022-07-30T22:56:28Z logger.go:66:                           + gmsaCredentialSpec     = (known after apply)
TestTerraformCompleteExample 2022-07-30T22:56:28Z logger.go:66:                           + gmsaCredentialSpecName = (known after apply)
TestTerraformCompleteExample 2022-07-30T22:56:28Z logger.go:66:                           + hostProcess            = (known after apply)
TestTerraformCompleteExample 2022-07-30T22:56:28Z logger.go:66:                           + runAsUserName          = (known after apply)
TestTerraformCompleteExample 2022-07-30T22:56:28Z logger.go:66:                         }
TestTerraformCompleteExample 2022-07-30T22:56:28Z logger.go:66:                     }
TestTerraformCompleteExample 2022-07-30T22:56:28Z logger.go:66:                   + serviceAccountName            = (known after apply)
TestTerraformCompleteExample 2022-07-30T22:56:28Z logger.go:66:                   + terminationGracePeriodSeconds = (known after apply)
TestTerraformCompleteExample 2022-07-30T22:56:28Z logger.go:66:                   + tolerations                   = (known after apply)
TestTerraformCompleteExample 2022-07-30T22:56:28Z logger.go:66:                   + topologySpreadConstraints     = (known after apply)
TestTerraformCompleteExample 2022-07-30T22:56:28Z logger.go:66:                 }
TestTerraformCompleteExample 2022-07-30T22:56:28Z logger.go:66:               + replicas                      = 1
TestTerraformCompleteExample 2022-07-30T22:56:28Z logger.go:66:               + storageClass                  = {
TestTerraformCompleteExample 2022-07-30T22:56:28Z logger.go:66:                   + name = (known after apply)
TestTerraformCompleteExample 2022-07-30T22:56:28Z logger.go:66:                 }
TestTerraformCompleteExample 2022-07-30T22:56:28Z logger.go:66:               + telemetry                     = {
TestTerraformCompleteExample 2022-07-30T22:56:28Z logger.go:66:                   + global = (known after apply)
TestTerraformCompleteExample 2022-07-30T22:56:28Z logger.go:66:                 }
TestTerraformCompleteExample 2022-07-30T22:56:28Z logger.go:66:               + tls                           = {
TestTerraformCompleteExample 2022-07-30T22:56:28Z logger.go:66:                   + autoGeneratedCerts       = (known after apply)
TestTerraformCompleteExample 2022-07-30T22:56:28Z logger.go:66:                   + directoryPathInContainer = (known after apply)
TestTerraformCompleteExample 2022-07-30T22:56:28Z logger.go:66:                   + ignoreTrustStoreConfig   = (known after apply)
TestTerraformCompleteExample 2022-07-30T22:56:28Z logger.go:66:                   + jksPassword              = {
TestTerraformCompleteExample 2022-07-30T22:56:28Z logger.go:66:                       + secretRef = (known after apply)
TestTerraformCompleteExample 2022-07-30T22:56:28Z logger.go:66:                     }
TestTerraformCompleteExample 2022-07-30T22:56:28Z logger.go:66:                   + secretRef                = (known after apply)
TestTerraformCompleteExample 2022-07-30T22:56:28Z logger.go:66:                 }
TestTerraformCompleteExample 2022-07-30T22:56:28Z logger.go:66:             }
TestTerraformCompleteExample 2022-07-30T22:56:28Z logger.go:66:         }
TestTerraformCompleteExample 2022-07-30T22:56:28Z logger.go:66:
TestTerraformCompleteExample 2022-07-30T22:56:28Z logger.go:66:       + timeouts {
TestTerraformCompleteExample 2022-07-30T22:56:28Z logger.go:66:           + create = "1h"
TestTerraformCompleteExample 2022-07-30T22:56:28Z logger.go:66:           + delete = "10m"
TestTerraformCompleteExample 2022-07-30T22:56:28Z logger.go:66:           + update = "1h"
TestTerraformCompleteExample 2022-07-30T22:56:28Z logger.go:66:         }
TestTerraformCompleteExample 2022-07-30T22:56:28Z logger.go:66:
TestTerraformCompleteExample 2022-07-30T22:56:28Z logger.go:66:       + wait {
TestTerraformCompleteExample 2022-07-30T22:56:28Z logger.go:66:           + fields = {
TestTerraformCompleteExample 2022-07-30T22:56:28Z logger.go:66:               + "status.phase" = "RUNNING"
TestTerraformCompleteExample 2022-07-30T22:56:28Z logger.go:66:             }
TestTerraformCompleteExample 2022-07-30T22:56:28Z logger.go:66:         }
TestTerraformCompleteExample 2022-07-30T22:56:28Z logger.go:66:     }
TestTerraformCompleteExample 2022-07-30T22:56:28Z logger.go:66:
TestTerraformCompleteExample 2022-07-30T22:56:28Z logger.go:66:   # module.confluent_platform.kubernetes_manifest.component["kafka"] will be created
TestTerraformCompleteExample 2022-07-30T22:56:28Z logger.go:66:   + resource "kubernetes_manifest" "component" {
TestTerraformCompleteExample 2022-07-30T22:56:28Z logger.go:66:       + computed_fields = [
TestTerraformCompleteExample 2022-07-30T22:56:28Z logger.go:66:           + "metadata.finalizers",
TestTerraformCompleteExample 2022-07-30T22:56:28Z logger.go:66:         ]
TestTerraformCompleteExample 2022-07-30T22:56:28Z logger.go:66:       + manifest        = {
TestTerraformCompleteExample 2022-07-30T22:56:28Z logger.go:66:           + apiVersion = "platform.confluent.io/v1beta1"
TestTerraformCompleteExample 2022-07-30T22:56:28Z logger.go:66:           + kind       = "Kafka"
TestTerraformCompleteExample 2022-07-30T22:56:28Z logger.go:66:           + metadata   = {
TestTerraformCompleteExample 2022-07-30T22:56:28Z logger.go:66:               + name      = "kafka"
TestTerraformCompleteExample 2022-07-30T22:56:28Z logger.go:66:               + namespace = "confluent"
TestTerraformCompleteExample 2022-07-30T22:56:28Z logger.go:66:             }
TestTerraformCompleteExample 2022-07-30T22:56:28Z logger.go:66:           + spec       = {
TestTerraformCompleteExample 2022-07-30T22:56:28Z logger.go:66:               + dataVolumeCapacity = "10Gi"
TestTerraformCompleteExample 2022-07-30T22:56:28Z logger.go:66:               + image              = {
TestTerraformCompleteExample 2022-07-30T22:56:28Z logger.go:66:                   + application = "confluentinc/cp-server:7.2.0"
TestTerraformCompleteExample 2022-07-30T22:56:28Z logger.go:66:                   + init        = "confluentinc/confluent-init-container:2.4.0"
TestTerraformCompleteExample 2022-07-30T22:56:28Z logger.go:66:                 }
TestTerraformCompleteExample 2022-07-30T22:56:28Z logger.go:66:               + metricReporter     = {
TestTerraformCompleteExample 2022-07-30T22:56:28Z logger.go:66:                   + enabled = true
TestTerraformCompleteExample 2022-07-30T22:56:28Z logger.go:66:                 }
TestTerraformCompleteExample 2022-07-30T22:56:28Z logger.go:66:               + replicas           = 3
TestTerraformCompleteExample 2022-07-30T22:56:28Z logger.go:66:             }
TestTerraformCompleteExample 2022-07-30T22:56:28Z logger.go:66:         }
TestTerraformCompleteExample 2022-07-30T22:56:28Z logger.go:66:       + object          = {
TestTerraformCompleteExample 2022-07-30T22:56:28Z logger.go:66:           + apiVersion = "platform.confluent.io/v1beta1"
TestTerraformCompleteExample 2022-07-30T22:56:28Z logger.go:66:           + kind       = "Kafka"
TestTerraformCompleteExample 2022-07-30T22:56:28Z logger.go:66:           + metadata   = {
TestTerraformCompleteExample 2022-07-30T22:56:28Z logger.go:66:               + annotations                = (known after apply)
TestTerraformCompleteExample 2022-07-30T22:56:28Z logger.go:66:               + clusterName                = (known after apply)
TestTerraformCompleteExample 2022-07-30T22:56:28Z logger.go:66:               + creationTimestamp          = (known after apply)
TestTerraformCompleteExample 2022-07-30T22:56:28Z logger.go:66:               + deletionGracePeriodSeconds = (known after apply)
TestTerraformCompleteExample 2022-07-30T22:56:28Z logger.go:66:               + deletionTimestamp          = (known after apply)
TestTerraformCompleteExample 2022-07-30T22:56:28Z logger.go:66:               + finalizers                 = (known after apply)
TestTerraformCompleteExample 2022-07-30T22:56:28Z logger.go:66:               + generateName               = (known after apply)
TestTerraformCompleteExample 2022-07-30T22:56:28Z logger.go:66:               + generation                 = (known after apply)
TestTerraformCompleteExample 2022-07-30T22:56:28Z logger.go:66:               + labels                     = (known after apply)
TestTerraformCompleteExample 2022-07-30T22:56:28Z logger.go:66:               + managedFields              = (known after apply)
TestTerraformCompleteExample 2022-07-30T22:56:28Z logger.go:66:               + name                       = "kafka"
TestTerraformCompleteExample 2022-07-30T22:56:28Z logger.go:66:               + namespace                  = "confluent"
TestTerraformCompleteExample 2022-07-30T22:56:28Z logger.go:66:               + ownerReferences            = (known after apply)
TestTerraformCompleteExample 2022-07-30T22:56:28Z logger.go:66:               + resourceVersion            = (known after apply)
TestTerraformCompleteExample 2022-07-30T22:56:28Z logger.go:66:               + selfLink                   = (known after apply)
TestTerraformCompleteExample 2022-07-30T22:56:28Z logger.go:66:               + uid                        = (known after apply)
TestTerraformCompleteExample 2022-07-30T22:56:28Z logger.go:66:             }
TestTerraformCompleteExample 2022-07-30T22:56:28Z logger.go:66:           + spec       = {
TestTerraformCompleteExample 2022-07-30T22:56:28Z logger.go:66:               + authorization      = {
TestTerraformCompleteExample 2022-07-30T22:56:28Z logger.go:66:                   + superUsers = (known after apply)
TestTerraformCompleteExample 2022-07-30T22:56:28Z logger.go:66:                   + type       = (known after apply)
TestTerraformCompleteExample 2022-07-30T22:56:28Z logger.go:66:                 }
TestTerraformCompleteExample 2022-07-30T22:56:28Z logger.go:66:               + configOverrides    = {
TestTerraformCompleteExample 2022-07-30T22:56:28Z logger.go:66:                   + jvm    = (known after apply)
TestTerraformCompleteExample 2022-07-30T22:56:28Z logger.go:66:                   + log4j  = (known after apply)
TestTerraformCompleteExample 2022-07-30T22:56:28Z logger.go:66:                   + server = (known after apply)
TestTerraformCompleteExample 2022-07-30T22:56:28Z logger.go:66:                 }
TestTerraformCompleteExample 2022-07-30T22:56:28Z logger.go:66:               + dataVolumeCapacity = "10Gi"
TestTerraformCompleteExample 2022-07-30T22:56:28Z logger.go:66:               + dependencies       = {
TestTerraformCompleteExample 2022-07-30T22:56:28Z logger.go:66:                   + kafkaRest      = {
TestTerraformCompleteExample 2022-07-30T22:56:28Z logger.go:66:                       + authentication    = {
TestTerraformCompleteExample 2022-07-30T22:56:28Z logger.go:66:                           + bearer                = {
TestTerraformCompleteExample 2022-07-30T22:56:28Z logger.go:66:                               + directoryPathInContainer = (known after apply)
TestTerraformCompleteExample 2022-07-30T22:56:28Z logger.go:66:                               + secretRef                = (known after apply)
TestTerraformCompleteExample 2022-07-30T22:56:28Z logger.go:66:                             }
TestTerraformCompleteExample 2022-07-30T22:56:28Z logger.go:66:                           + jaasConfig            = {
TestTerraformCompleteExample 2022-07-30T22:56:28Z logger.go:66:                               + secretRef = (known after apply)
TestTerraformCompleteExample 2022-07-30T22:56:28Z logger.go:66:                             }
TestTerraformCompleteExample 2022-07-30T22:56:28Z logger.go:66:                           + jaasConfigPassThrough = {
TestTerraformCompleteExample 2022-07-30T22:56:28Z logger.go:66:                               + directoryPathInContainer = (known after apply)
TestTerraformCompleteExample 2022-07-30T22:56:28Z logger.go:66:                               + secretRef                = (known after apply)
TestTerraformCompleteExample 2022-07-30T22:56:28Z logger.go:66:                             }
TestTerraformCompleteExample 2022-07-30T22:56:28Z logger.go:66:                           + oauthbearer           = {
TestTerraformCompleteExample 2022-07-30T22:56:28Z logger.go:66:                               + directoryPathInContainer = (known after apply)
TestTerraformCompleteExample 2022-07-30T22:56:28Z logger.go:66:                               + secretRef                = (known after apply)
TestTerraformCompleteExample 2022-07-30T22:56:28Z logger.go:66:                             }
TestTerraformCompleteExample 2022-07-30T22:56:28Z logger.go:66:                           + type                  = (known after apply)
TestTerraformCompleteExample 2022-07-30T22:56:28Z logger.go:66:                         }
TestTerraformCompleteExample 2022-07-30T22:56:28Z logger.go:66:                       + bootstrapEndpoint = (known after apply)
TestTerraformCompleteExample 2022-07-30T22:56:28Z logger.go:66:                       + endpoint          = (known after apply)
TestTerraformCompleteExample 2022-07-30T22:56:28Z logger.go:66:                       + tls               = {
TestTerraformCompleteExample 2022-07-30T22:56:28Z logger.go:66:                           + directoryPathInContainer = (known after apply)
TestTerraformCompleteExample 2022-07-30T22:56:28Z logger.go:66:                           + enabled                  = (known after apply)
TestTerraformCompleteExample 2022-07-30T22:56:28Z logger.go:66:                           + ignoreTrustStoreConfig   = (known after apply)
TestTerraformCompleteExample 2022-07-30T22:56:28Z logger.go:66:                           + jksPassword              = {
TestTerraformCompleteExample 2022-07-30T22:56:28Z logger.go:66:                               + secretRef = (known after apply)
TestTerraformCompleteExample 2022-07-30T22:56:28Z logger.go:66:                             }
TestTerraformCompleteExample 2022-07-30T22:56:28Z logger.go:66:                           + secretRef                = (known after apply)
TestTerraformCompleteExample 2022-07-30T22:56:28Z logger.go:66:                         }
TestTerraformCompleteExample 2022-07-30T22:56:28Z logger.go:66:                     }
TestTerraformCompleteExample 2022-07-30T22:56:28Z logger.go:66:                   + mds            = {
TestTerraformCompleteExample 2022-07-30T22:56:28Z logger.go:66:                       + endpoint     = (known after apply)
TestTerraformCompleteExample 2022-07-30T22:56:28Z logger.go:66:                       + kafka        = {
TestTerraformCompleteExample 2022-07-30T22:56:28Z logger.go:66:                           + authentication    = {
TestTerraformCompleteExample 2022-07-30T22:56:28Z logger.go:66:                               + jaasConfig            = {
TestTerraformCompleteExample 2022-07-30T22:56:28Z logger.go:66:                                   + secretRef = (known after apply)
TestTerraformCompleteExample 2022-07-30T22:56:28Z logger.go:66:                                 }
TestTerraformCompleteExample 2022-07-30T22:56:28Z logger.go:66:                               + jaasConfigPassThrough = {
TestTerraformCompleteExample 2022-07-30T22:56:28Z logger.go:66:                                   + directoryPathInContainer = (known after apply)
TestTerraformCompleteExample 2022-07-30T22:56:28Z logger.go:66:                                   + secretRef                = (known after apply)
TestTerraformCompleteExample 2022-07-30T22:56:28Z logger.go:66:                                 }
TestTerraformCompleteExample 2022-07-30T22:56:28Z logger.go:66:                               + oauthbearer           = {
TestTerraformCompleteExample 2022-07-30T22:56:28Z logger.go:66:                                   + directoryPathInContainer = (known after apply)
TestTerraformCompleteExample 2022-07-30T22:56:28Z logger.go:66:                                   + secretRef                = (known after apply)
TestTerraformCompleteExample 2022-07-30T22:56:28Z logger.go:66:                                 }
TestTerraformCompleteExample 2022-07-30T22:56:28Z logger.go:66:                               + type                  = (known after apply)
TestTerraformCompleteExample 2022-07-30T22:56:28Z logger.go:66:                             }
TestTerraformCompleteExample 2022-07-30T22:56:28Z logger.go:66:                           + bootstrapEndpoint = (known after apply)
TestTerraformCompleteExample 2022-07-30T22:56:28Z logger.go:66:                           + discovery         = {
TestTerraformCompleteExample 2022-07-30T22:56:28Z logger.go:66:                               + name      = (known after apply)
TestTerraformCompleteExample 2022-07-30T22:56:28Z logger.go:66:                               + namespace = (known after apply)
TestTerraformCompleteExample 2022-07-30T22:56:28Z logger.go:66:                               + secretRef = (known after apply)
TestTerraformCompleteExample 2022-07-30T22:56:28Z logger.go:66:                             }
TestTerraformCompleteExample 2022-07-30T22:56:28Z logger.go:66:                           + tls               = {
TestTerraformCompleteExample 2022-07-30T22:56:28Z logger.go:66:                               + directoryPathInContainer = (known after apply)
TestTerraformCompleteExample 2022-07-30T22:56:28Z logger.go:66:                               + enabled                  = (known after apply)
TestTerraformCompleteExample 2022-07-30T22:56:28Z logger.go:66:                               + ignoreTrustStoreConfig   = (known after apply)
TestTerraformCompleteExample 2022-07-30T22:56:28Z logger.go:66:                               + jksPassword              = {
TestTerraformCompleteExample 2022-07-30T22:56:28Z logger.go:66:                                   + secretRef = (known after apply)
TestTerraformCompleteExample 2022-07-30T22:56:28Z logger.go:66:                                 }
TestTerraformCompleteExample 2022-07-30T22:56:28Z logger.go:66:                               + secretRef                = (known after apply)
TestTerraformCompleteExample 2022-07-30T22:56:28Z logger.go:66:                             }
TestTerraformCompleteExample 2022-07-30T22:56:28Z logger.go:66:                         }
TestTerraformCompleteExample 2022-07-30T22:56:28Z logger.go:66:                       + tls          = {
TestTerraformCompleteExample 2022-07-30T22:56:28Z logger.go:66:                           + directoryPathInContainer = (known after apply)
TestTerraformCompleteExample 2022-07-30T22:56:28Z logger.go:66:                           + enabled                  = (known after apply)
TestTerraformCompleteExample 2022-07-30T22:56:28Z logger.go:66:                           + ignoreTrustStoreConfig   = (known after apply)
TestTerraformCompleteExample 2022-07-30T22:56:28Z logger.go:66:                           + jksPassword              = {
TestTerraformCompleteExample 2022-07-30T22:56:28Z logger.go:66:                               + secretRef = (known after apply)
TestTerraformCompleteExample 2022-07-30T22:56:28Z logger.go:66:                             }
TestTerraformCompleteExample 2022-07-30T22:56:28Z logger.go:66:                           + secretRef                = (known after apply)
TestTerraformCompleteExample 2022-07-30T22:56:28Z logger.go:66:                         }
TestTerraformCompleteExample 2022-07-30T22:56:28Z logger.go:66:                       + tokenKeyPair = {
TestTerraformCompleteExample 2022-07-30T22:56:28Z logger.go:66:                           + directoryPathInContainer = (known after apply)
TestTerraformCompleteExample 2022-07-30T22:56:28Z logger.go:66:                           + secretRef                = (known after apply)
TestTerraformCompleteExample 2022-07-30T22:56:28Z logger.go:66:                         }
TestTerraformCompleteExample 2022-07-30T22:56:28Z logger.go:66:                     }
TestTerraformCompleteExample 2022-07-30T22:56:28Z logger.go:66:                   + schemaRegistry = {
TestTerraformCompleteExample 2022-07-30T22:56:28Z logger.go:66:                       + authentication = {
TestTerraformCompleteExample 2022-07-30T22:56:28Z logger.go:66:                           + basic = {
TestTerraformCompleteExample 2022-07-30T22:56:28Z logger.go:66:                               + debug                    = (known after apply)
TestTerraformCompleteExample 2022-07-30T22:56:28Z logger.go:66:                               + directoryPathInContainer = (known after apply)
TestTerraformCompleteExample 2022-07-30T22:56:28Z logger.go:66:                               + restrictedRoles          = (known after apply)
TestTerraformCompleteExample 2022-07-30T22:56:28Z logger.go:66:                               + roles                    = (known after apply)
TestTerraformCompleteExample 2022-07-30T22:56:28Z logger.go:66:                               + secretRef                = (known after apply)
TestTerraformCompleteExample 2022-07-30T22:56:28Z logger.go:66:                             }
TestTerraformCompleteExample 2022-07-30T22:56:28Z logger.go:66:                           + type  = (known after apply)
TestTerraformCompleteExample 2022-07-30T22:56:28Z logger.go:66:                         }
TestTerraformCompleteExample 2022-07-30T22:56:28Z logger.go:66:                       + tls            = {
TestTerraformCompleteExample 2022-07-30T22:56:28Z logger.go:66:                           + directoryPathInContainer = (known after apply)
TestTerraformCompleteExample 2022-07-30T22:56:28Z logger.go:66:                           + enabled                  = (known after apply)
TestTerraformCompleteExample 2022-07-30T22:56:28Z logger.go:66:                           + ignoreTrustStoreConfig   = (known after apply)
TestTerraformCompleteExample 2022-07-30T22:56:28Z logger.go:66:                           + jksPassword              = {
TestTerraformCompleteExample 2022-07-30T22:56:28Z logger.go:66:                               + secretRef = (known after apply)
TestTerraformCompleteExample 2022-07-30T22:56:28Z logger.go:66:                             }
TestTerraformCompleteExample 2022-07-30T22:56:28Z logger.go:66:                           + secretRef                = (known after apply)
TestTerraformCompleteExample 2022-07-30T22:56:28Z logger.go:66:                         }
TestTerraformCompleteExample 2022-07-30T22:56:28Z logger.go:66:                       + url            = (known after apply)
TestTerraformCompleteExample 2022-07-30T22:56:28Z logger.go:66:                     }
TestTerraformCompleteExample 2022-07-30T22:56:28Z logger.go:66:                   + zookeeper      = {
TestTerraformCompleteExample 2022-07-30T22:56:28Z logger.go:66:                       + authentication = {
TestTerraformCompleteExample 2022-07-30T22:56:28Z logger.go:66:                           + jaasConfig            = {
TestTerraformCompleteExample 2022-07-30T22:56:28Z logger.go:66:                               + secretRef = (known after apply)
TestTerraformCompleteExample 2022-07-30T22:56:28Z logger.go:66:                             }
TestTerraformCompleteExample 2022-07-30T22:56:28Z logger.go:66:                           + jaasConfigPassThrough = {
TestTerraformCompleteExample 2022-07-30T22:56:28Z logger.go:66:                               + directoryPathInContainer = (known after apply)
TestTerraformCompleteExample 2022-07-30T22:56:28Z logger.go:66:                               + secretRef                = (known after apply)
TestTerraformCompleteExample 2022-07-30T22:56:28Z logger.go:66:                             }
TestTerraformCompleteExample 2022-07-30T22:56:28Z logger.go:66:                           + oauthbearer           = {
TestTerraformCompleteExample 2022-07-30T22:56:28Z logger.go:66:                               + directoryPathInContainer = (known after apply)
TestTerraformCompleteExample 2022-07-30T22:56:28Z logger.go:66:                               + secretRef                = (known after apply)
TestTerraformCompleteExample 2022-07-30T22:56:28Z logger.go:66:                             }
TestTerraformCompleteExample 2022-07-30T22:56:28Z logger.go:66:                           + type                  = (known after apply)
TestTerraformCompleteExample 2022-07-30T22:56:28Z logger.go:66:                         }
TestTerraformCompleteExample 2022-07-30T22:56:28Z logger.go:66:                       + discovery      = {
TestTerraformCompleteExample 2022-07-30T22:56:28Z logger.go:66:                           + name      = (known after apply)
TestTerraformCompleteExample 2022-07-30T22:56:28Z logger.go:66:                           + namespace = (known after apply)
TestTerraformCompleteExample 2022-07-30T22:56:28Z logger.go:66:                           + secretRef = (known after apply)
TestTerraformCompleteExample 2022-07-30T22:56:28Z logger.go:66:                         }
TestTerraformCompleteExample 2022-07-30T22:56:28Z logger.go:66:                       + endpoint       = (known after apply)
TestTerraformCompleteExample 2022-07-30T22:56:28Z logger.go:66:                       + tls            = {
TestTerraformCompleteExample 2022-07-30T22:56:28Z logger.go:66:                           + directoryPathInContainer = (known after apply)
TestTerraformCompleteExample 2022-07-30T22:56:28Z logger.go:66:                           + enabled                  = (known after apply)
TestTerraformCompleteExample 2022-07-30T22:56:28Z logger.go:66:                           + ignoreTrustStoreConfig   = (known after apply)
TestTerraformCompleteExample 2022-07-30T22:56:28Z logger.go:66:                           + jksPassword              = {
TestTerraformCompleteExample 2022-07-30T22:56:28Z logger.go:66:                               + secretRef = (known after apply)
TestTerraformCompleteExample 2022-07-30T22:56:28Z logger.go:66:                             }
TestTerraformCompleteExample 2022-07-30T22:56:28Z logger.go:66:                           + secretRef                = (known after apply)
TestTerraformCompleteExample 2022-07-30T22:56:28Z logger.go:66:                         }
TestTerraformCompleteExample 2022-07-30T22:56:28Z logger.go:66:                     }
TestTerraformCompleteExample 2022-07-30T22:56:28Z logger.go:66:                 }
TestTerraformCompleteExample 2022-07-30T22:56:28Z logger.go:66:               + headlessService    = {
TestTerraformCompleteExample 2022-07-30T22:56:28Z logger.go:66:                   + annotations              = (known after apply)
TestTerraformCompleteExample 2022-07-30T22:56:28Z logger.go:66:                   + labels                   = (known after apply)
TestTerraformCompleteExample 2022-07-30T22:56:28Z logger.go:66:                   + publishNotReadyAddresses = (known after apply)
TestTerraformCompleteExample 2022-07-30T22:56:28Z logger.go:66:                 }
TestTerraformCompleteExample 2022-07-30T22:56:28Z logger.go:66:               + identityProvider   = {
TestTerraformCompleteExample 2022-07-30T22:56:28Z logger.go:66:                   + ldap = {
TestTerraformCompleteExample 2022-07-30T22:56:28Z logger.go:66:                       + address        = (known after apply)
TestTerraformCompleteExample 2022-07-30T22:56:28Z logger.go:66:                       + authentication = {
TestTerraformCompleteExample 2022-07-30T22:56:28Z logger.go:66:                           + simple = {
TestTerraformCompleteExample 2022-07-30T22:56:28Z logger.go:66:                               + directoryPathInContainer = (known after apply)
TestTerraformCompleteExample 2022-07-30T22:56:28Z logger.go:66:                               + secretRef                = (known after apply)
TestTerraformCompleteExample 2022-07-30T22:56:28Z logger.go:66:                             }
TestTerraformCompleteExample 2022-07-30T22:56:28Z logger.go:66:                           + type   = (known after apply)
TestTerraformCompleteExample 2022-07-30T22:56:28Z logger.go:66:                         }
TestTerraformCompleteExample 2022-07-30T22:56:28Z logger.go:66:                       + configurations = {
TestTerraformCompleteExample 2022-07-30T22:56:28Z logger.go:66:                           + groupMemberAttribute         = (known after apply)
TestTerraformCompleteExample 2022-07-30T22:56:28Z logger.go:66:                           + groupMemberAttributePattern  = (known after apply)
TestTerraformCompleteExample 2022-07-30T22:56:28Z logger.go:66:                           + groupNameAttribute           = (known after apply)
TestTerraformCompleteExample 2022-07-30T22:56:28Z logger.go:66:                           + groupObjectClass             = (known after apply)
TestTerraformCompleteExample 2022-07-30T22:56:28Z logger.go:66:                           + groupSearchBase              = (known after apply)
TestTerraformCompleteExample 2022-07-30T22:56:28Z logger.go:66:                           + groupSearchFilter            = (known after apply)
TestTerraformCompleteExample 2022-07-30T22:56:28Z logger.go:66:                           + groupSearchScope             = (known after apply)
TestTerraformCompleteExample 2022-07-30T22:56:28Z logger.go:66:                           + userMemberOfAttributePattern = (known after apply)
TestTerraformCompleteExample 2022-07-30T22:56:28Z logger.go:66:                           + userNameAttribute            = (known after apply)
TestTerraformCompleteExample 2022-07-30T22:56:28Z logger.go:66:                           + userObjectClass              = (known after apply)
TestTerraformCompleteExample 2022-07-30T22:56:28Z logger.go:66:                           + userSearchBase               = (known after apply)
TestTerraformCompleteExample 2022-07-30T22:56:28Z logger.go:66:                           + userSearchFilter             = (known after apply)
TestTerraformCompleteExample 2022-07-30T22:56:28Z logger.go:66:                           + userSearchScope              = (known after apply)
TestTerraformCompleteExample 2022-07-30T22:56:28Z logger.go:66:                         }
TestTerraformCompleteExample 2022-07-30T22:56:28Z logger.go:66:                       + tls            = {
TestTerraformCompleteExample 2022-07-30T22:56:28Z logger.go:66:                           + directoryPathInContainer = (known after apply)
TestTerraformCompleteExample 2022-07-30T22:56:28Z logger.go:66:                           + enabled                  = (known after apply)
TestTerraformCompleteExample 2022-07-30T22:56:28Z logger.go:66:                           + ignoreTrustStoreConfig   = (known after apply)
TestTerraformCompleteExample 2022-07-30T22:56:28Z logger.go:66:                           + jksPassword              = {
TestTerraformCompleteExample 2022-07-30T22:56:28Z logger.go:66:                               + secretRef = (known after apply)
TestTerraformCompleteExample 2022-07-30T22:56:28Z logger.go:66:                             }
TestTerraformCompleteExample 2022-07-30T22:56:28Z logger.go:66:                           + secretRef                = (known after apply)
TestTerraformCompleteExample 2022-07-30T22:56:28Z logger.go:66:                         }
TestTerraformCompleteExample 2022-07-30T22:56:28Z logger.go:66:                     }
TestTerraformCompleteExample 2022-07-30T22:56:28Z logger.go:66:                   + type = (known after apply)
TestTerraformCompleteExample 2022-07-30T22:56:28Z logger.go:66:                 }
TestTerraformCompleteExample 2022-07-30T22:56:28Z logger.go:66:               + image              = {
TestTerraformCompleteExample 2022-07-30T22:56:28Z logger.go:66:                   + application   = "confluentinc/cp-server:7.2.0"
TestTerraformCompleteExample 2022-07-30T22:56:28Z logger.go:66:                   + init          = "confluentinc/confluent-init-container:2.4.0"
TestTerraformCompleteExample 2022-07-30T22:56:28Z logger.go:66:                   + pullPolicy    = (known after apply)
TestTerraformCompleteExample 2022-07-30T22:56:28Z logger.go:66:                   + pullSecretRef = (known after apply)
TestTerraformCompleteExample 2022-07-30T22:56:28Z logger.go:66:                 }
TestTerraformCompleteExample 2022-07-30T22:56:28Z logger.go:66:               + injectAnnotations  = (known after apply)
TestTerraformCompleteExample 2022-07-30T22:56:28Z logger.go:66:               + injectLabels       = (known after apply)
TestTerraformCompleteExample 2022-07-30T22:56:28Z logger.go:66:               + k8sClusterDomain   = (known after apply)
TestTerraformCompleteExample 2022-07-30T22:56:28Z logger.go:66:               + license            = {
TestTerraformCompleteExample 2022-07-30T22:56:28Z logger.go:66:                   + directoryPathInContainer = (known after apply)
TestTerraformCompleteExample 2022-07-30T22:56:28Z logger.go:66:                   + globalLicense            = (known after apply)
TestTerraformCompleteExample 2022-07-30T22:56:28Z logger.go:66:                   + secretRef                = (known after apply)
TestTerraformCompleteExample 2022-07-30T22:56:28Z logger.go:66:                 }
TestTerraformCompleteExample 2022-07-30T22:56:28Z logger.go:66:               + listeners          = {
TestTerraformCompleteExample 2022-07-30T22:56:28Z logger.go:66:                   + custom   = (known after apply)
TestTerraformCompleteExample 2022-07-30T22:56:28Z logger.go:66:                   + external = {
TestTerraformCompleteExample 2022-07-30T22:56:28Z logger.go:66:                       + authentication = {
TestTerraformCompleteExample 2022-07-30T22:56:28Z logger.go:66:                           + jaasConfig            = {
TestTerraformCompleteExample 2022-07-30T22:56:28Z logger.go:66:                               + secretRef = (known after apply)
TestTerraformCompleteExample 2022-07-30T22:56:28Z logger.go:66:                             }
TestTerraformCompleteExample 2022-07-30T22:56:28Z logger.go:66:                           + jaasConfigPassThrough = {
TestTerraformCompleteExample 2022-07-30T22:56:28Z logger.go:66:                               + directoryPathInContainer = (known after apply)
TestTerraformCompleteExample 2022-07-30T22:56:28Z logger.go:66:                               + secretRef                = (known after apply)
TestTerraformCompleteExample 2022-07-30T22:56:28Z logger.go:66:                             }
TestTerraformCompleteExample 2022-07-30T22:56:28Z logger.go:66:                           + principalMappingRules = (known after apply)
TestTerraformCompleteExample 2022-07-30T22:56:28Z logger.go:66:                           + type                  = (known after apply)
TestTerraformCompleteExample 2022-07-30T22:56:28Z logger.go:66:                         }
TestTerraformCompleteExample 2022-07-30T22:56:28Z logger.go:66:                       + externalAccess = {
TestTerraformCompleteExample 2022-07-30T22:56:28Z logger.go:66:                           + loadBalancer              = {
TestTerraformCompleteExample 2022-07-30T22:56:28Z logger.go:66:                               + advertisedPort           = (known after apply)
TestTerraformCompleteExample 2022-07-30T22:56:28Z logger.go:66:                               + annotations              = (known after apply)
TestTerraformCompleteExample 2022-07-30T22:56:28Z logger.go:66:                               + bootstrapPrefix          = (known after apply)
TestTerraformCompleteExample 2022-07-30T22:56:28Z logger.go:66:                               + brokerPrefix             = (known after apply)
TestTerraformCompleteExample 2022-07-30T22:56:28Z logger.go:66:                               + domain                   = (known after apply)
TestTerraformCompleteExample 2022-07-30T22:56:28Z logger.go:66:                               + externalTrafficPolicy    = (known after apply)
TestTerraformCompleteExample 2022-07-30T22:56:28Z logger.go:66:                               + labels                   = (known after apply)
TestTerraformCompleteExample 2022-07-30T22:56:28Z logger.go:66:                               + loadBalancerSourceRanges = (known after apply)
TestTerraformCompleteExample 2022-07-30T22:56:28Z logger.go:66:                               + servicePorts             = (known after apply)
TestTerraformCompleteExample 2022-07-30T22:56:28Z logger.go:66:                               + sessionAffinity          = (known after apply)
TestTerraformCompleteExample 2022-07-30T22:56:28Z logger.go:66:                               + sessionAffinityConfig    = {
TestTerraformCompleteExample 2022-07-30T22:56:28Z logger.go:66:                                   + clientIP = {
TestTerraformCompleteExample 2022-07-30T22:56:28Z logger.go:66:                                       + timeoutSeconds = (known after apply)
TestTerraformCompleteExample 2022-07-30T22:56:28Z logger.go:66:                                     }
TestTerraformCompleteExample 2022-07-30T22:56:28Z logger.go:66:                                 }
TestTerraformCompleteExample 2022-07-30T22:56:28Z logger.go:66:                             }
TestTerraformCompleteExample 2022-07-30T22:56:28Z logger.go:66:                           + nodePort                  = {
TestTerraformCompleteExample 2022-07-30T22:56:28Z logger.go:66:                               + advertisedURL         = {
TestTerraformCompleteExample 2022-07-30T22:56:28Z logger.go:66:                                   + enabled = (known after apply)
TestTerraformCompleteExample 2022-07-30T22:56:28Z logger.go:66:                                   + prefix  = (known after apply)
TestTerraformCompleteExample 2022-07-30T22:56:28Z logger.go:66:                                 }
TestTerraformCompleteExample 2022-07-30T22:56:28Z logger.go:66:                               + annotations           = (known after apply)
TestTerraformCompleteExample 2022-07-30T22:56:28Z logger.go:66:                               + externalTrafficPolicy = (known after apply)
TestTerraformCompleteExample 2022-07-30T22:56:28Z logger.go:66:                               + host                  = (known after apply)
TestTerraformCompleteExample 2022-07-30T22:56:28Z logger.go:66:                               + labels                = (known after apply)
TestTerraformCompleteExample 2022-07-30T22:56:28Z logger.go:66:                               + nodePortOffset        = (known after apply)
TestTerraformCompleteExample 2022-07-30T22:56:28Z logger.go:66:                               + servicePorts          = (known after apply)
TestTerraformCompleteExample 2022-07-30T22:56:28Z logger.go:66:                               + sessionAffinity       = (known after apply)
TestTerraformCompleteExample 2022-07-30T22:56:28Z logger.go:66:                               + sessionAffinityConfig = {
TestTerraformCompleteExample 2022-07-30T22:56:28Z logger.go:66:                                   + clientIP = {
TestTerraformCompleteExample 2022-07-30T22:56:28Z logger.go:66:                                       + timeoutSeconds = (known after apply)
TestTerraformCompleteExample 2022-07-30T22:56:28Z logger.go:66:                                     }
TestTerraformCompleteExample 2022-07-30T22:56:28Z logger.go:66:                                 }
TestTerraformCompleteExample 2022-07-30T22:56:28Z logger.go:66:                             }
TestTerraformCompleteExample 2022-07-30T22:56:28Z logger.go:66:                           + route                     = {
TestTerraformCompleteExample 2022-07-30T22:56:28Z logger.go:66:                               + annotations     = (known after apply)
TestTerraformCompleteExample 2022-07-30T22:56:28Z logger.go:66:                               + bootstrapPrefix = (known after apply)
TestTerraformCompleteExample 2022-07-30T22:56:28Z logger.go:66:                               + brokerPrefix    = (known after apply)
TestTerraformCompleteExample 2022-07-30T22:56:28Z logger.go:66:                               + domain          = (known after apply)
TestTerraformCompleteExample 2022-07-30T22:56:28Z logger.go:66:                               + labels          = (known after apply)
TestTerraformCompleteExample 2022-07-30T22:56:28Z logger.go:66:                               + wildcardPolicy  = (known after apply)
TestTerraformCompleteExample 2022-07-30T22:56:28Z logger.go:66:                             }
TestTerraformCompleteExample 2022-07-30T22:56:28Z logger.go:66:                           + staticForHostBasedRouting = {
TestTerraformCompleteExample 2022-07-30T22:56:28Z logger.go:66:                               + brokerPrefix = (known after apply)
TestTerraformCompleteExample 2022-07-30T22:56:28Z logger.go:66:                               + domain       = (known after apply)
TestTerraformCompleteExample 2022-07-30T22:56:28Z logger.go:66:                               + port         = (known after apply)
TestTerraformCompleteExample 2022-07-30T22:56:28Z logger.go:66:                             }
TestTerraformCompleteExample 2022-07-30T22:56:28Z logger.go:66:                           + staticForPortBasedRouting = {
TestTerraformCompleteExample 2022-07-30T22:56:28Z logger.go:66:                               + host       = (known after apply)
TestTerraformCompleteExample 2022-07-30T22:56:28Z logger.go:66:                               + portOffset = (known after apply)
TestTerraformCompleteExample 2022-07-30T22:56:28Z logger.go:66:                             }
TestTerraformCompleteExample 2022-07-30T22:56:28Z logger.go:66:                           + type                      = (known after apply)
TestTerraformCompleteExample 2022-07-30T22:56:28Z logger.go:66:                         }
TestTerraformCompleteExample 2022-07-30T22:56:28Z logger.go:66:                       + tls            = {
TestTerraformCompleteExample 2022-07-30T22:56:28Z logger.go:66:                           + directoryPathInContainer = (known after apply)
TestTerraformCompleteExample 2022-07-30T22:56:28Z logger.go:66:                           + enabled                  = (known after apply)
TestTerraformCompleteExample 2022-07-30T22:56:28Z logger.go:66:                           + ignoreTrustStoreConfig   = (known after apply)
TestTerraformCompleteExample 2022-07-30T22:56:28Z logger.go:66:                           + jksPassword              = {
TestTerraformCompleteExample 2022-07-30T22:56:28Z logger.go:66:                               + secretRef = (known after apply)
TestTerraformCompleteExample 2022-07-30T22:56:28Z logger.go:66:                             }
TestTerraformCompleteExample 2022-07-30T22:56:28Z logger.go:66:                           + secretRef                = (known after apply)
TestTerraformCompleteExample 2022-07-30T22:56:28Z logger.go:66:                         }
TestTerraformCompleteExample 2022-07-30T22:56:28Z logger.go:66:                     }
TestTerraformCompleteExample 2022-07-30T22:56:28Z logger.go:66:                   + internal = {
TestTerraformCompleteExample 2022-07-30T22:56:28Z logger.go:66:                       + authentication = {
TestTerraformCompleteExample 2022-07-30T22:56:28Z logger.go:66:                           + jaasConfig            = {
TestTerraformCompleteExample 2022-07-30T22:56:28Z logger.go:66:                               + secretRef = (known after apply)
TestTerraformCompleteExample 2022-07-30T22:56:28Z logger.go:66:                             }
TestTerraformCompleteExample 2022-07-30T22:56:28Z logger.go:66:                           + jaasConfigPassThrough = {
TestTerraformCompleteExample 2022-07-30T22:56:28Z logger.go:66:                               + directoryPathInContainer = (known after apply)
TestTerraformCompleteExample 2022-07-30T22:56:28Z logger.go:66:                               + secretRef                = (known after apply)
TestTerraformCompleteExample 2022-07-30T22:56:28Z logger.go:66:                             }
TestTerraformCompleteExample 2022-07-30T22:56:28Z logger.go:66:                           + principalMappingRules = (known after apply)
TestTerraformCompleteExample 2022-07-30T22:56:28Z logger.go:66:                           + type                  = (known after apply)
TestTerraformCompleteExample 2022-07-30T22:56:28Z logger.go:66:                         }
TestTerraformCompleteExample 2022-07-30T22:56:28Z logger.go:66:                       + tls            = {
TestTerraformCompleteExample 2022-07-30T22:56:28Z logger.go:66:                           + directoryPathInContainer = (known after apply)
TestTerraformCompleteExample 2022-07-30T22:56:28Z logger.go:66:                           + enabled                  = (known after apply)
TestTerraformCompleteExample 2022-07-30T22:56:28Z logger.go:66:                           + ignoreTrustStoreConfig   = (known after apply)
TestTerraformCompleteExample 2022-07-30T22:56:28Z logger.go:66:                           + jksPassword              = {
TestTerraformCompleteExample 2022-07-30T22:56:28Z logger.go:66:                               + secretRef = (known after apply)
TestTerraformCompleteExample 2022-07-30T22:56:28Z logger.go:66:                             }
TestTerraformCompleteExample 2022-07-30T22:56:28Z logger.go:66:                           + secretRef                = (known after apply)
TestTerraformCompleteExample 2022-07-30T22:56:28Z logger.go:66:                         }
TestTerraformCompleteExample 2022-07-30T22:56:28Z logger.go:66:                     }
TestTerraformCompleteExample 2022-07-30T22:56:28Z logger.go:66:                 }
TestTerraformCompleteExample 2022-07-30T22:56:28Z logger.go:66:               + metricReporter     = {
TestTerraformCompleteExample 2022-07-30T22:56:28Z logger.go:66:                   + authentication    = {
TestTerraformCompleteExample 2022-07-30T22:56:28Z logger.go:66:                       + jaasConfig            = {
TestTerraformCompleteExample 2022-07-30T22:56:28Z logger.go:66:                           + secretRef = (known after apply)
TestTerraformCompleteExample 2022-07-30T22:56:28Z logger.go:66:                         }
TestTerraformCompleteExample 2022-07-30T22:56:28Z logger.go:66:                       + jaasConfigPassThrough = {
TestTerraformCompleteExample 2022-07-30T22:56:28Z logger.go:66:                           + directoryPathInContainer = (known after apply)
TestTerraformCompleteExample 2022-07-30T22:56:28Z logger.go:66:                           + secretRef                = (known after apply)
TestTerraformCompleteExample 2022-07-30T22:56:28Z logger.go:66:                         }
TestTerraformCompleteExample 2022-07-30T22:56:28Z logger.go:66:                       + oauthbearer           = {
TestTerraformCompleteExample 2022-07-30T22:56:28Z logger.go:66:                           + directoryPathInContainer = (known after apply)
TestTerraformCompleteExample 2022-07-30T22:56:28Z logger.go:66:                           + secretRef                = (known after apply)
TestTerraformCompleteExample 2022-07-30T22:56:28Z logger.go:66:                         }
TestTerraformCompleteExample 2022-07-30T22:56:28Z logger.go:66:                       + type                  = (known after apply)
TestTerraformCompleteExample 2022-07-30T22:56:28Z logger.go:66:                     }
TestTerraformCompleteExample 2022-07-30T22:56:28Z logger.go:66:                   + bootstrapEndpoint = (known after apply)
TestTerraformCompleteExample 2022-07-30T22:56:28Z logger.go:66:                   + enabled           = true
TestTerraformCompleteExample 2022-07-30T22:56:28Z logger.go:66:                   + replicationFactor = (known after apply)
TestTerraformCompleteExample 2022-07-30T22:56:28Z logger.go:66:                   + tls               = {
TestTerraformCompleteExample 2022-07-30T22:56:28Z logger.go:66:                       + directoryPathInContainer = (known after apply)
TestTerraformCompleteExample 2022-07-30T22:56:28Z logger.go:66:                       + enabled                  = (known after apply)
TestTerraformCompleteExample 2022-07-30T22:56:28Z logger.go:66:                       + ignoreTrustStoreConfig   = (known after apply)
TestTerraformCompleteExample 2022-07-30T22:56:28Z logger.go:66:                       + jksPassword              = {
TestTerraformCompleteExample 2022-07-30T22:56:28Z logger.go:66:                           + secretRef = (known after apply)
TestTerraformCompleteExample 2022-07-30T22:56:28Z logger.go:66:                         }
TestTerraformCompleteExample 2022-07-30T22:56:28Z logger.go:66:                       + secretRef                = (known after apply)
TestTerraformCompleteExample 2022-07-30T22:56:28Z logger.go:66:                     }
TestTerraformCompleteExample 2022-07-30T22:56:28Z logger.go:66:                 }
TestTerraformCompleteExample 2022-07-30T22:56:28Z logger.go:66:               + metrics            = {
TestTerraformCompleteExample 2022-07-30T22:56:28Z logger.go:66:                   + authentication = {
TestTerraformCompleteExample 2022-07-30T22:56:28Z logger.go:66:                       + type = (known after apply)
TestTerraformCompleteExample 2022-07-30T22:56:28Z logger.go:66:                     }
TestTerraformCompleteExample 2022-07-30T22:56:28Z logger.go:66:                   + prometheus     = {
TestTerraformCompleteExample 2022-07-30T22:56:28Z logger.go:66:                       + blacklist = (known after apply)
TestTerraformCompleteExample 2022-07-30T22:56:28Z logger.go:66:                       + rules     = (known after apply)
TestTerraformCompleteExample 2022-07-30T22:56:28Z logger.go:66:                       + whitelist = (known after apply)
TestTerraformCompleteExample 2022-07-30T22:56:28Z logger.go:66:                     }
TestTerraformCompleteExample 2022-07-30T22:56:28Z logger.go:66:                   + tls            = {
TestTerraformCompleteExample 2022-07-30T22:56:28Z logger.go:66:                       + directoryPathInContainer = (known after apply)
TestTerraformCompleteExample 2022-07-30T22:56:28Z logger.go:66:                       + enabled                  = (known after apply)
TestTerraformCompleteExample 2022-07-30T22:56:28Z logger.go:66:                       + ignoreTrustStoreConfig   = (known after apply)
TestTerraformCompleteExample 2022-07-30T22:56:28Z logger.go:66:                       + jksPassword              = {
TestTerraformCompleteExample 2022-07-30T22:56:28Z logger.go:66:                           + secretRef = (known after apply)
TestTerraformCompleteExample 2022-07-30T22:56:28Z logger.go:66:                         }
TestTerraformCompleteExample 2022-07-30T22:56:28Z logger.go:66:                       + secretRef                = (known after apply)
TestTerraformCompleteExample 2022-07-30T22:56:28Z logger.go:66:                     }
TestTerraformCompleteExample 2022-07-30T22:56:28Z logger.go:66:                 }
TestTerraformCompleteExample 2022-07-30T22:56:28Z logger.go:66:               + mountedSecrets     = (known after apply)
TestTerraformCompleteExample 2022-07-30T22:56:28Z logger.go:66:               + mountedVolumes     = {
TestTerraformCompleteExample 2022-07-30T22:56:28Z logger.go:66:                   + volumeMounts = (known after apply)
TestTerraformCompleteExample 2022-07-30T22:56:28Z logger.go:66:                   + volumes      = (known after apply)
TestTerraformCompleteExample 2022-07-30T22:56:28Z logger.go:66:                 }
TestTerraformCompleteExample 2022-07-30T22:56:28Z logger.go:66:               + oneReplicaPerNode  = (known after apply)
TestTerraformCompleteExample 2022-07-30T22:56:28Z logger.go:66:               + passwordEncoder    = {
TestTerraformCompleteExample 2022-07-30T22:56:28Z logger.go:66:                   + directoryPathInContainer = (known after apply)
TestTerraformCompleteExample 2022-07-30T22:56:28Z logger.go:66:                   + secretRef                = (known after apply)
TestTerraformCompleteExample 2022-07-30T22:56:28Z logger.go:66:                 }
TestTerraformCompleteExample 2022-07-30T22:56:28Z logger.go:66:               + podTemplate        = {
TestTerraformCompleteExample 2022-07-30T22:56:28Z logger.go:66:                   + affinity                      = {
TestTerraformCompleteExample 2022-07-30T22:56:28Z logger.go:66:                       + nodeAffinity    = {
TestTerraformCompleteExample 2022-07-30T22:56:28Z logger.go:66:                           + preferredDuringSchedulingIgnoredDuringExecution = (known after apply)
TestTerraformCompleteExample 2022-07-30T22:56:28Z logger.go:66:                           + requiredDuringSchedulingIgnoredDuringExecution  = {
TestTerraformCompleteExample 2022-07-30T22:56:28Z logger.go:66:                               + nodeSelectorTerms = (known after apply)
TestTerraformCompleteExample 2022-07-30T22:56:28Z logger.go:66:                             }
TestTerraformCompleteExample 2022-07-30T22:56:28Z logger.go:66:                         }
TestTerraformCompleteExample 2022-07-30T22:56:28Z logger.go:66:                       + podAffinity     = {
TestTerraformCompleteExample 2022-07-30T22:56:28Z logger.go:66:                           + preferredDuringSchedulingIgnoredDuringExecution = (known after apply)
TestTerraformCompleteExample 2022-07-30T22:56:28Z logger.go:66:                           + requiredDuringSchedulingIgnoredDuringExecution  = (known after apply)
TestTerraformCompleteExample 2022-07-30T22:56:28Z logger.go:66:                         }
TestTerraformCompleteExample 2022-07-30T22:56:28Z logger.go:66:                       + podAntiAffinity = {
TestTerraformCompleteExample 2022-07-30T22:56:28Z logger.go:66:                           + preferredDuringSchedulingIgnoredDuringExecution = (known after apply)
TestTerraformCompleteExample 2022-07-30T22:56:28Z logger.go:66:                           + requiredDuringSchedulingIgnoredDuringExecution  = (known after apply)
TestTerraformCompleteExample 2022-07-30T22:56:28Z logger.go:66:                         }
TestTerraformCompleteExample 2022-07-30T22:56:28Z logger.go:66:                     }
TestTerraformCompleteExample 2022-07-30T22:56:28Z logger.go:66:                   + annotations                   = (known after apply)
TestTerraformCompleteExample 2022-07-30T22:56:28Z logger.go:66:                   + envVars                       = (known after apply)
TestTerraformCompleteExample 2022-07-30T22:56:28Z logger.go:66:                   + labels                        = (known after apply)
TestTerraformCompleteExample 2022-07-30T22:56:28Z logger.go:66:                   + podSecurityContext            = {
TestTerraformCompleteExample 2022-07-30T22:56:28Z logger.go:66:                       + fsGroup             = (known after apply)
TestTerraformCompleteExample 2022-07-30T22:56:28Z logger.go:66:                       + fsGroupChangePolicy = (known after apply)
TestTerraformCompleteExample 2022-07-30T22:56:28Z logger.go:66:                       + runAsGroup          = (known after apply)
TestTerraformCompleteExample 2022-07-30T22:56:28Z logger.go:66:                       + runAsNonRoot        = (known after apply)
TestTerraformCompleteExample 2022-07-30T22:56:28Z logger.go:66:                       + runAsUser           = (known after apply)
TestTerraformCompleteExample 2022-07-30T22:56:28Z logger.go:66:                       + seLinuxOptions      = {
TestTerraformCompleteExample 2022-07-30T22:56:28Z logger.go:66:                           + level = (known after apply)
TestTerraformCompleteExample 2022-07-30T22:56:28Z logger.go:66:                           + role  = (known after apply)
TestTerraformCompleteExample 2022-07-30T22:56:28Z logger.go:66:                           + type  = (known after apply)
TestTerraformCompleteExample 2022-07-30T22:56:28Z logger.go:66:                           + user  = (known after apply)
TestTerraformCompleteExample 2022-07-30T22:56:28Z logger.go:66:                         }
TestTerraformCompleteExample 2022-07-30T22:56:28Z logger.go:66:                       + seccompProfile      = {
TestTerraformCompleteExample 2022-07-30T22:56:28Z logger.go:66:                           + localhostProfile = (known after apply)
TestTerraformCompleteExample 2022-07-30T22:56:28Z logger.go:66:                           + type             = (known after apply)
TestTerraformCompleteExample 2022-07-30T22:56:28Z logger.go:66:                         }
TestTerraformCompleteExample 2022-07-30T22:56:28Z logger.go:66:                       + supplementalGroups  = (known after apply)
TestTerraformCompleteExample 2022-07-30T22:56:28Z logger.go:66:                       + sysctls             = (known after apply)
TestTerraformCompleteExample 2022-07-30T22:56:28Z logger.go:66:                       + windowsOptions      = {
TestTerraformCompleteExample 2022-07-30T22:56:28Z logger.go:66:                           + gmsaCredentialSpec     = (known after apply)
TestTerraformCompleteExample 2022-07-30T22:56:28Z logger.go:66:                           + gmsaCredentialSpecName = (known after apply)
TestTerraformCompleteExample 2022-07-30T22:56:28Z logger.go:66:                           + hostProcess            = (known after apply)
TestTerraformCompleteExample 2022-07-30T22:56:28Z logger.go:66:                           + runAsUserName          = (known after apply)
TestTerraformCompleteExample 2022-07-30T22:56:28Z logger.go:66:                         }
TestTerraformCompleteExample 2022-07-30T22:56:28Z logger.go:66:                     }
TestTerraformCompleteExample 2022-07-30T22:56:28Z logger.go:66:                   + priorityClassName             = (known after apply)
TestTerraformCompleteExample 2022-07-30T22:56:28Z logger.go:66:                   + probe                         = {
TestTerraformCompleteExample 2022-07-30T22:56:28Z logger.go:66:                       + liveness  = {
TestTerraformCompleteExample 2022-07-30T22:56:28Z logger.go:66:                           + failureThreshold    = (known after apply)
TestTerraformCompleteExample 2022-07-30T22:56:28Z logger.go:66:                           + initialDelaySeconds = (known after apply)
TestTerraformCompleteExample 2022-07-30T22:56:28Z logger.go:66:                           + periodSeconds       = (known after apply)
TestTerraformCompleteExample 2022-07-30T22:56:28Z logger.go:66:                           + successThreshold    = (known after apply)
TestTerraformCompleteExample 2022-07-30T22:56:28Z logger.go:66:                           + timeoutSeconds      = (known after apply)
TestTerraformCompleteExample 2022-07-30T22:56:28Z logger.go:66:                         }
TestTerraformCompleteExample 2022-07-30T22:56:28Z logger.go:66:                       + readiness = {
TestTerraformCompleteExample 2022-07-30T22:56:28Z logger.go:66:                           + failureThreshold    = (known after apply)
TestTerraformCompleteExample 2022-07-30T22:56:28Z logger.go:66:                           + initialDelaySeconds = (known after apply)
TestTerraformCompleteExample 2022-07-30T22:56:28Z logger.go:66:                           + periodSeconds       = (known after apply)
TestTerraformCompleteExample 2022-07-30T22:56:28Z logger.go:66:                           + successThreshold    = (known after apply)
TestTerraformCompleteExample 2022-07-30T22:56:28Z logger.go:66:                           + timeoutSeconds      = (known after apply)
TestTerraformCompleteExample 2022-07-30T22:56:28Z logger.go:66:                         }
TestTerraformCompleteExample 2022-07-30T22:56:28Z logger.go:66:                     }
TestTerraformCompleteExample 2022-07-30T22:56:28Z logger.go:66:                   + resources                     = {
TestTerraformCompleteExample 2022-07-30T22:56:28Z logger.go:66:                       + limits   = (known after apply)
TestTerraformCompleteExample 2022-07-30T22:56:28Z logger.go:66:                       + requests = (known after apply)
TestTerraformCompleteExample 2022-07-30T22:56:28Z logger.go:66:                     }
TestTerraformCompleteExample 2022-07-30T22:56:28Z logger.go:66:                   + securityContext               = {
TestTerraformCompleteExample 2022-07-30T22:56:28Z logger.go:66:                       + allowPrivilegeEscalation = (known after apply)
TestTerraformCompleteExample 2022-07-30T22:56:28Z logger.go:66:                       + capabilities             = {
TestTerraformCompleteExample 2022-07-30T22:56:28Z logger.go:66:                           + add  = (known after apply)
TestTerraformCompleteExample 2022-07-30T22:56:28Z logger.go:66:                           + drop = (known after apply)
TestTerraformCompleteExample 2022-07-30T22:56:28Z logger.go:66:                         }
TestTerraformCompleteExample 2022-07-30T22:56:28Z logger.go:66:                       + privileged               = (known after apply)
TestTerraformCompleteExample 2022-07-30T22:56:28Z logger.go:66:                       + procMount                = (known after apply)
TestTerraformCompleteExample 2022-07-30T22:56:28Z logger.go:66:                       + readOnlyRootFilesystem   = (known after apply)
TestTerraformCompleteExample 2022-07-30T22:56:28Z logger.go:66:                       + runAsGroup               = (known after apply)
TestTerraformCompleteExample 2022-07-30T22:56:28Z logger.go:66:                       + runAsNonRoot             = (known after apply)
TestTerraformCompleteExample 2022-07-30T22:56:28Z logger.go:66:                       + runAsUser                = (known after apply)
TestTerraformCompleteExample 2022-07-30T22:56:28Z logger.go:66:                       + seLinuxOptions           = {
TestTerraformCompleteExample 2022-07-30T22:56:28Z logger.go:66:                           + level = (known after apply)
TestTerraformCompleteExample 2022-07-30T22:56:28Z logger.go:66:                           + role  = (known after apply)
TestTerraformCompleteExample 2022-07-30T22:56:28Z logger.go:66:                           + type  = (known after apply)
TestTerraformCompleteExample 2022-07-30T22:56:28Z logger.go:66:                           + user  = (known after apply)
TestTerraformCompleteExample 2022-07-30T22:56:28Z logger.go:66:                         }
TestTerraformCompleteExample 2022-07-30T22:56:28Z logger.go:66:                       + seccompProfile           = {
TestTerraformCompleteExample 2022-07-30T22:56:28Z logger.go:66:                           + localhostProfile = (known after apply)
TestTerraformCompleteExample 2022-07-30T22:56:28Z logger.go:66:                           + type             = (known after apply)
TestTerraformCompleteExample 2022-07-30T22:56:28Z logger.go:66:                         }
TestTerraformCompleteExample 2022-07-30T22:56:28Z logger.go:66:                       + windowsOptions           = {
TestTerraformCompleteExample 2022-07-30T22:56:28Z logger.go:66:                           + gmsaCredentialSpec     = (known after apply)
TestTerraformCompleteExample 2022-07-30T22:56:28Z logger.go:66:                           + gmsaCredentialSpecName = (known after apply)
TestTerraformCompleteExample 2022-07-30T22:56:28Z logger.go:66:                           + hostProcess            = (known after apply)
TestTerraformCompleteExample 2022-07-30T22:56:28Z logger.go:66:                           + runAsUserName          = (known after apply)
TestTerraformCompleteExample 2022-07-30T22:56:28Z logger.go:66:                         }
TestTerraformCompleteExample 2022-07-30T22:56:28Z logger.go:66:                     }
TestTerraformCompleteExample 2022-07-30T22:56:28Z logger.go:66:                   + serviceAccountName            = (known after apply)
TestTerraformCompleteExample 2022-07-30T22:56:28Z logger.go:66:                   + terminationGracePeriodSeconds = (known after apply)
TestTerraformCompleteExample 2022-07-30T22:56:28Z logger.go:66:                   + tolerations                   = (known after apply)
TestTerraformCompleteExample 2022-07-30T22:56:28Z logger.go:66:                   + topologySpreadConstraints     = (known after apply)
TestTerraformCompleteExample 2022-07-30T22:56:28Z logger.go:66:                 }
TestTerraformCompleteExample 2022-07-30T22:56:28Z logger.go:66:               + rackAssignment     = {
TestTerraformCompleteExample 2022-07-30T22:56:28Z logger.go:66:                   + availabilityZoneCount = (known after apply)
TestTerraformCompleteExample 2022-07-30T22:56:28Z logger.go:66:                   + nodeLabels            = (known after apply)
TestTerraformCompleteExample 2022-07-30T22:56:28Z logger.go:66:                 }
TestTerraformCompleteExample 2022-07-30T22:56:28Z logger.go:66:               + replicas           = 3
TestTerraformCompleteExample 2022-07-30T22:56:28Z logger.go:66:               + services           = {
TestTerraformCompleteExample 2022-07-30T22:56:28Z logger.go:66:                   + kafkaRest = {
TestTerraformCompleteExample 2022-07-30T22:56:28Z logger.go:66:                       + authentication = {
TestTerraformCompleteExample 2022-07-30T22:56:28Z logger.go:66:                           + basic = {
TestTerraformCompleteExample 2022-07-30T22:56:28Z logger.go:66:                               + debug                    = (known after apply)
TestTerraformCompleteExample 2022-07-30T22:56:28Z logger.go:66:                               + directoryPathInContainer = (known after apply)
TestTerraformCompleteExample 2022-07-30T22:56:28Z logger.go:66:                               + restrictedRoles          = (known after apply)
TestTerraformCompleteExample 2022-07-30T22:56:28Z logger.go:66:                               + roles                    = (known after apply)
TestTerraformCompleteExample 2022-07-30T22:56:28Z logger.go:66:                               + secretRef                = (known after apply)
TestTerraformCompleteExample 2022-07-30T22:56:28Z logger.go:66:                             }
TestTerraformCompleteExample 2022-07-30T22:56:28Z logger.go:66:                           + type  = (known after apply)
TestTerraformCompleteExample 2022-07-30T22:56:28Z logger.go:66:                         }
TestTerraformCompleteExample 2022-07-30T22:56:28Z logger.go:66:                       + externalAccess = {
TestTerraformCompleteExample 2022-07-30T22:56:28Z logger.go:66:                           + loadBalancer = {
TestTerraformCompleteExample 2022-07-30T22:56:28Z logger.go:66:                               + advertisedURL            = {
TestTerraformCompleteExample 2022-07-30T22:56:28Z logger.go:66:                                   + enabled = (known after apply)
TestTerraformCompleteExample 2022-07-30T22:56:28Z logger.go:66:                                   + prefix  = (known after apply)
TestTerraformCompleteExample 2022-07-30T22:56:28Z logger.go:66:                                 }
TestTerraformCompleteExample 2022-07-30T22:56:28Z logger.go:66:                               + annotations              = (known after apply)
TestTerraformCompleteExample 2022-07-30T22:56:28Z logger.go:66:                               + domain                   = (known after apply)
TestTerraformCompleteExample 2022-07-30T22:56:28Z logger.go:66:                               + externalTrafficPolicy    = (known after apply)
TestTerraformCompleteExample 2022-07-30T22:56:28Z logger.go:66:                               + labels                   = (known after apply)
TestTerraformCompleteExample 2022-07-30T22:56:28Z logger.go:66:                               + loadBalancerSourceRanges = (known after apply)
TestTerraformCompleteExample 2022-07-30T22:56:28Z logger.go:66:                               + port                     = (known after apply)
TestTerraformCompleteExample 2022-07-30T22:56:28Z logger.go:66:                               + prefix                   = (known after apply)
TestTerraformCompleteExample 2022-07-30T22:56:28Z logger.go:66:                               + servicePorts             = (known after apply)
TestTerraformCompleteExample 2022-07-30T22:56:28Z logger.go:66:                               + sessionAffinity          = (known after apply)
TestTerraformCompleteExample 2022-07-30T22:56:28Z logger.go:66:                               + sessionAffinityConfig    = {
TestTerraformCompleteExample 2022-07-30T22:56:28Z logger.go:66:                                   + clientIP = {
TestTerraformCompleteExample 2022-07-30T22:56:28Z logger.go:66:                                       + timeoutSeconds = (known after apply)
TestTerraformCompleteExample 2022-07-30T22:56:28Z logger.go:66:                                     }
TestTerraformCompleteExample 2022-07-30T22:56:28Z logger.go:66:                                 }
TestTerraformCompleteExample 2022-07-30T22:56:28Z logger.go:66:                             }
TestTerraformCompleteExample 2022-07-30T22:56:28Z logger.go:66:                           + nodePort     = {
TestTerraformCompleteExample 2022-07-30T22:56:28Z logger.go:66:                               + advertisedURL         = {
TestTerraformCompleteExample 2022-07-30T22:56:28Z logger.go:66:                                   + enabled = (known after apply)
TestTerraformCompleteExample 2022-07-30T22:56:28Z logger.go:66:                                   + prefix  = (known after apply)
TestTerraformCompleteExample 2022-07-30T22:56:28Z logger.go:66:                                 }
TestTerraformCompleteExample 2022-07-30T22:56:28Z logger.go:66:                               + annotations           = (known after apply)
TestTerraformCompleteExample 2022-07-30T22:56:28Z logger.go:66:                               + externalTrafficPolicy = (known after apply)
TestTerraformCompleteExample 2022-07-30T22:56:28Z logger.go:66:                               + host                  = (known after apply)
TestTerraformCompleteExample 2022-07-30T22:56:28Z logger.go:66:                               + labels                = (known after apply)
TestTerraformCompleteExample 2022-07-30T22:56:28Z logger.go:66:                               + nodePortOffset        = (known after apply)
TestTerraformCompleteExample 2022-07-30T22:56:28Z logger.go:66:                               + servicePorts          = (known after apply)
TestTerraformCompleteExample 2022-07-30T22:56:28Z logger.go:66:                               + sessionAffinity       = (known after apply)
TestTerraformCompleteExample 2022-07-30T22:56:28Z logger.go:66:                               + sessionAffinityConfig = {
TestTerraformCompleteExample 2022-07-30T22:56:28Z logger.go:66:                                   + clientIP = {
TestTerraformCompleteExample 2022-07-30T22:56:28Z logger.go:66:                                       + timeoutSeconds = (known after apply)
TestTerraformCompleteExample 2022-07-30T22:56:28Z logger.go:66:                                     }
TestTerraformCompleteExample 2022-07-30T22:56:28Z logger.go:66:                                 }
TestTerraformCompleteExample 2022-07-30T22:56:28Z logger.go:66:                             }
TestTerraformCompleteExample 2022-07-30T22:56:28Z logger.go:66:                           + route        = {
TestTerraformCompleteExample 2022-07-30T22:56:28Z logger.go:66:                               + annotations    = (known after apply)
TestTerraformCompleteExample 2022-07-30T22:56:28Z logger.go:66:                               + domain         = (known after apply)
TestTerraformCompleteExample 2022-07-30T22:56:28Z logger.go:66:                               + labels         = (known after apply)
TestTerraformCompleteExample 2022-07-30T22:56:28Z logger.go:66:                               + prefix         = (known after apply)
TestTerraformCompleteExample 2022-07-30T22:56:28Z logger.go:66:                               + wildcardPolicy = (known after apply)
TestTerraformCompleteExample 2022-07-30T22:56:28Z logger.go:66:                             }
TestTerraformCompleteExample 2022-07-30T22:56:28Z logger.go:66:                           + type         = (known after apply)
TestTerraformCompleteExample 2022-07-30T22:56:28Z logger.go:66:                         }
TestTerraformCompleteExample 2022-07-30T22:56:28Z logger.go:66:                       + tls            = {
TestTerraformCompleteExample 2022-07-30T22:56:28Z logger.go:66:                           + directoryPathInContainer = (known after apply)
TestTerraformCompleteExample 2022-07-30T22:56:28Z logger.go:66:                           + enabled                  = (known after apply)
TestTerraformCompleteExample 2022-07-30T22:56:28Z logger.go:66:                           + ignoreTrustStoreConfig   = (known after apply)
TestTerraformCompleteExample 2022-07-30T22:56:28Z logger.go:66:                           + jksPassword              = {
TestTerraformCompleteExample 2022-07-30T22:56:28Z logger.go:66:                               + secretRef = (known after apply)
TestTerraformCompleteExample 2022-07-30T22:56:28Z logger.go:66:                             }
TestTerraformCompleteExample 2022-07-30T22:56:28Z logger.go:66:                           + secretRef                = (known after apply)
TestTerraformCompleteExample 2022-07-30T22:56:28Z logger.go:66:                         }
TestTerraformCompleteExample 2022-07-30T22:56:28Z logger.go:66:                     }
TestTerraformCompleteExample 2022-07-30T22:56:28Z logger.go:66:                   + mds       = {
TestTerraformCompleteExample 2022-07-30T22:56:28Z logger.go:66:                       + authentication = {
TestTerraformCompleteExample 2022-07-30T22:56:28Z logger.go:66:                           + type = (known after apply)
TestTerraformCompleteExample 2022-07-30T22:56:28Z logger.go:66:                         }
TestTerraformCompleteExample 2022-07-30T22:56:28Z logger.go:66:                       + externalAccess = {
TestTerraformCompleteExample 2022-07-30T22:56:28Z logger.go:66:                           + loadBalancer = {
TestTerraformCompleteExample 2022-07-30T22:56:28Z logger.go:66:                               + advertisedURL            = {
TestTerraformCompleteExample 2022-07-30T22:56:28Z logger.go:66:                                   + enabled = (known after apply)
TestTerraformCompleteExample 2022-07-30T22:56:28Z logger.go:66:                                   + prefix  = (known after apply)
TestTerraformCompleteExample 2022-07-30T22:56:28Z logger.go:66:                                 }
TestTerraformCompleteExample 2022-07-30T22:56:28Z logger.go:66:                               + annotations              = (known after apply)
TestTerraformCompleteExample 2022-07-30T22:56:28Z logger.go:66:                               + domain                   = (known after apply)
TestTerraformCompleteExample 2022-07-30T22:56:28Z logger.go:66:                               + externalTrafficPolicy    = (known after apply)
TestTerraformCompleteExample 2022-07-30T22:56:28Z logger.go:66:                               + labels                   = (known after apply)
TestTerraformCompleteExample 2022-07-30T22:56:28Z logger.go:66:                               + loadBalancerSourceRanges = (known after apply)
TestTerraformCompleteExample 2022-07-30T22:56:28Z logger.go:66:                               + port                     = (known after apply)
TestTerraformCompleteExample 2022-07-30T22:56:28Z logger.go:66:                               + prefix                   = (known after apply)
TestTerraformCompleteExample 2022-07-30T22:56:28Z logger.go:66:                               + servicePorts             = (known after apply)
TestTerraformCompleteExample 2022-07-30T22:56:28Z logger.go:66:                               + sessionAffinity          = (known after apply)
TestTerraformCompleteExample 2022-07-30T22:56:28Z logger.go:66:                               + sessionAffinityConfig    = {
TestTerraformCompleteExample 2022-07-30T22:56:28Z logger.go:66:                                   + clientIP = {
TestTerraformCompleteExample 2022-07-30T22:56:28Z logger.go:66:                                       + timeoutSeconds = (known after apply)
TestTerraformCompleteExample 2022-07-30T22:56:28Z logger.go:66:                                     }
TestTerraformCompleteExample 2022-07-30T22:56:28Z logger.go:66:                                 }
TestTerraformCompleteExample 2022-07-30T22:56:28Z logger.go:66:                             }
TestTerraformCompleteExample 2022-07-30T22:56:28Z logger.go:66:                           + nodePort     = {
TestTerraformCompleteExample 2022-07-30T22:56:28Z logger.go:66:                               + advertisedURL         = {
TestTerraformCompleteExample 2022-07-30T22:56:28Z logger.go:66:                                   + enabled = (known after apply)
TestTerraformCompleteExample 2022-07-30T22:56:28Z logger.go:66:                                   + prefix  = (known after apply)
TestTerraformCompleteExample 2022-07-30T22:56:28Z logger.go:66:                                 }
TestTerraformCompleteExample 2022-07-30T22:56:28Z logger.go:66:                               + annotations           = (known after apply)
TestTerraformCompleteExample 2022-07-30T22:56:28Z logger.go:66:                               + externalTrafficPolicy = (known after apply)
TestTerraformCompleteExample 2022-07-30T22:56:28Z logger.go:66:                               + host                  = (known after apply)
TestTerraformCompleteExample 2022-07-30T22:56:28Z logger.go:66:                               + labels                = (known after apply)
TestTerraformCompleteExample 2022-07-30T22:56:28Z logger.go:66:                               + nodePortOffset        = (known after apply)
TestTerraformCompleteExample 2022-07-30T22:56:28Z logger.go:66:                               + servicePorts          = (known after apply)
TestTerraformCompleteExample 2022-07-30T22:56:28Z logger.go:66:                               + sessionAffinity       = (known after apply)
TestTerraformCompleteExample 2022-07-30T22:56:28Z logger.go:66:                               + sessionAffinityConfig = {
TestTerraformCompleteExample 2022-07-30T22:56:28Z logger.go:66:                                   + clientIP = {
TestTerraformCompleteExample 2022-07-30T22:56:28Z logger.go:66:                                       + timeoutSeconds = (known after apply)
TestTerraformCompleteExample 2022-07-30T22:56:28Z logger.go:66:                                     }
TestTerraformCompleteExample 2022-07-30T22:56:28Z logger.go:66:                                 }
TestTerraformCompleteExample 2022-07-30T22:56:28Z logger.go:66:                             }
TestTerraformCompleteExample 2022-07-30T22:56:28Z logger.go:66:                           + route        = {
TestTerraformCompleteExample 2022-07-30T22:56:28Z logger.go:66:                               + annotations    = (known after apply)
TestTerraformCompleteExample 2022-07-30T22:56:28Z logger.go:66:                               + domain         = (known after apply)
TestTerraformCompleteExample 2022-07-30T22:56:28Z logger.go:66:                               + labels         = (known after apply)
TestTerraformCompleteExample 2022-07-30T22:56:28Z logger.go:66:                               + prefix         = (known after apply)
TestTerraformCompleteExample 2022-07-30T22:56:28Z logger.go:66:                               + wildcardPolicy = (known after apply)
TestTerraformCompleteExample 2022-07-30T22:56:28Z logger.go:66:                             }
TestTerraformCompleteExample 2022-07-30T22:56:28Z logger.go:66:                           + type         = (known after apply)
TestTerraformCompleteExample 2022-07-30T22:56:28Z logger.go:66:                         }
TestTerraformCompleteExample 2022-07-30T22:56:28Z logger.go:66:                       + provider       = {
TestTerraformCompleteExample 2022-07-30T22:56:28Z logger.go:66:                           + ldap = {
TestTerraformCompleteExample 2022-07-30T22:56:28Z logger.go:66:                               + address        = (known after apply)
TestTerraformCompleteExample 2022-07-30T22:56:28Z logger.go:66:                               + authentication = {
TestTerraformCompleteExample 2022-07-30T22:56:28Z logger.go:66:                                   + simple = {
TestTerraformCompleteExample 2022-07-30T22:56:28Z logger.go:66:                                       + directoryPathInContainer = (known after apply)
TestTerraformCompleteExample 2022-07-30T22:56:28Z logger.go:66:                                       + secretRef                = (known after apply)
TestTerraformCompleteExample 2022-07-30T22:56:28Z logger.go:66:                                     }
TestTerraformCompleteExample 2022-07-30T22:56:28Z logger.go:66:                                   + type   = (known after apply)
TestTerraformCompleteExample 2022-07-30T22:56:28Z logger.go:66:                                 }
TestTerraformCompleteExample 2022-07-30T22:56:28Z logger.go:66:                               + configurations = {
TestTerraformCompleteExample 2022-07-30T22:56:28Z logger.go:66:                                   + groupMemberAttribute         = (known after apply)
TestTerraformCompleteExample 2022-07-30T22:56:28Z logger.go:66:                                   + groupMemberAttributePattern  = (known after apply)
TestTerraformCompleteExample 2022-07-30T22:56:28Z logger.go:66:                                   + groupNameAttribute           = (known after apply)
TestTerraformCompleteExample 2022-07-30T22:56:28Z logger.go:66:                                   + groupObjectClass             = (known after apply)
TestTerraformCompleteExample 2022-07-30T22:56:28Z logger.go:66:                                   + groupSearchBase              = (known after apply)
TestTerraformCompleteExample 2022-07-30T22:56:28Z logger.go:66:                                   + groupSearchFilter            = (known after apply)
TestTerraformCompleteExample 2022-07-30T22:56:28Z logger.go:66:                                   + groupSearchScope             = (known after apply)
TestTerraformCompleteExample 2022-07-30T22:56:28Z logger.go:66:                                   + userMemberOfAttributePattern = (known after apply)
TestTerraformCompleteExample 2022-07-30T22:56:28Z logger.go:66:                                   + userNameAttribute            = (known after apply)
TestTerraformCompleteExample 2022-07-30T22:56:28Z logger.go:66:                                   + userObjectClass              = (known after apply)
TestTerraformCompleteExample 2022-07-30T22:56:28Z logger.go:66:                                   + userSearchBase               = (known after apply)
TestTerraformCompleteExample 2022-07-30T22:56:28Z logger.go:66:                                   + userSearchFilter             = (known after apply)
TestTerraformCompleteExample 2022-07-30T22:56:28Z logger.go:66:                                   + userSearchScope              = (known after apply)
TestTerraformCompleteExample 2022-07-30T22:56:28Z logger.go:66:                                 }
TestTerraformCompleteExample 2022-07-30T22:56:28Z logger.go:66:                               + tls            = {
TestTerraformCompleteExample 2022-07-30T22:56:28Z logger.go:66:                                   + directoryPathInContainer = (known after apply)
TestTerraformCompleteExample 2022-07-30T22:56:28Z logger.go:66:                                   + enabled                  = (known after apply)
TestTerraformCompleteExample 2022-07-30T22:56:28Z logger.go:66:                                   + ignoreTrustStoreConfig   = (known after apply)
TestTerraformCompleteExample 2022-07-30T22:56:28Z logger.go:66:                                   + jksPassword              = {
TestTerraformCompleteExample 2022-07-30T22:56:28Z logger.go:66:                                       + secretRef = (known after apply)
TestTerraformCompleteExample 2022-07-30T22:56:28Z logger.go:66:                                     }
TestTerraformCompleteExample 2022-07-30T22:56:28Z logger.go:66:                                   + secretRef                = (known after apply)
TestTerraformCompleteExample 2022-07-30T22:56:28Z logger.go:66:                                 }
TestTerraformCompleteExample 2022-07-30T22:56:28Z logger.go:66:                             }
TestTerraformCompleteExample 2022-07-30T22:56:28Z logger.go:66:                           + type = (known after apply)
TestTerraformCompleteExample 2022-07-30T22:56:28Z logger.go:66:                         }
TestTerraformCompleteExample 2022-07-30T22:56:28Z logger.go:66:                       + tls            = {
TestTerraformCompleteExample 2022-07-30T22:56:28Z logger.go:66:                           + directoryPathInContainer = (known after apply)
TestTerraformCompleteExample 2022-07-30T22:56:28Z logger.go:66:                           + enabled                  = (known after apply)
TestTerraformCompleteExample 2022-07-30T22:56:28Z logger.go:66:                           + ignoreTrustStoreConfig   = (known after apply)
TestTerraformCompleteExample 2022-07-30T22:56:28Z logger.go:66:                           + jksPassword              = {
TestTerraformCompleteExample 2022-07-30T22:56:28Z logger.go:66:                               + secretRef = (known after apply)
TestTerraformCompleteExample 2022-07-30T22:56:28Z logger.go:66:                             }
TestTerraformCompleteExample 2022-07-30T22:56:28Z logger.go:66:                           + secretRef                = (known after apply)
TestTerraformCompleteExample 2022-07-30T22:56:28Z logger.go:66:                         }
TestTerraformCompleteExample 2022-07-30T22:56:28Z logger.go:66:                       + tokenKeyPair   = {
TestTerraformCompleteExample 2022-07-30T22:56:28Z logger.go:66:                           + directoryPathInContainer = (known after apply)
TestTerraformCompleteExample 2022-07-30T22:56:28Z logger.go:66:                           + secretRef                = (known after apply)
TestTerraformCompleteExample 2022-07-30T22:56:28Z logger.go:66:                         }
TestTerraformCompleteExample 2022-07-30T22:56:28Z logger.go:66:                     }
TestTerraformCompleteExample 2022-07-30T22:56:28Z logger.go:66:                 }
TestTerraformCompleteExample 2022-07-30T22:56:28Z logger.go:66:               + storageClass       = {
TestTerraformCompleteExample 2022-07-30T22:56:28Z logger.go:66:                   + name = (known after apply)
TestTerraformCompleteExample 2022-07-30T22:56:28Z logger.go:66:                 }
TestTerraformCompleteExample 2022-07-30T22:56:28Z logger.go:66:               + telemetry          = {
TestTerraformCompleteExample 2022-07-30T22:56:28Z logger.go:66:                   + global = (known after apply)
TestTerraformCompleteExample 2022-07-30T22:56:28Z logger.go:66:                 }
TestTerraformCompleteExample 2022-07-30T22:56:28Z logger.go:66:               + tls                = {
TestTerraformCompleteExample 2022-07-30T22:56:28Z logger.go:66:                   + autoGeneratedCerts       = (known after apply)
TestTerraformCompleteExample 2022-07-30T22:56:28Z logger.go:66:                   + directoryPathInContainer = (known after apply)
TestTerraformCompleteExample 2022-07-30T22:56:28Z logger.go:66:                   + ignoreTrustStoreConfig   = (known after apply)
TestTerraformCompleteExample 2022-07-30T22:56:28Z logger.go:66:                   + jksPassword              = {
TestTerraformCompleteExample 2022-07-30T22:56:28Z logger.go:66:                       + secretRef = (known after apply)
TestTerraformCompleteExample 2022-07-30T22:56:28Z logger.go:66:                     }
TestTerraformCompleteExample 2022-07-30T22:56:28Z logger.go:66:                   + secretRef                = (known after apply)
TestTerraformCompleteExample 2022-07-30T22:56:28Z logger.go:66:                 }
TestTerraformCompleteExample 2022-07-30T22:56:28Z logger.go:66:             }
TestTerraformCompleteExample 2022-07-30T22:56:28Z logger.go:66:         }
TestTerraformCompleteExample 2022-07-30T22:56:28Z logger.go:66:
TestTerraformCompleteExample 2022-07-30T22:56:28Z logger.go:66:       + timeouts {
TestTerraformCompleteExample 2022-07-30T22:56:28Z logger.go:66:           + create = "1h"
TestTerraformCompleteExample 2022-07-30T22:56:28Z logger.go:66:           + delete = "10m"
TestTerraformCompleteExample 2022-07-30T22:56:28Z logger.go:66:           + update = "1h"
TestTerraformCompleteExample 2022-07-30T22:56:28Z logger.go:66:         }
TestTerraformCompleteExample 2022-07-30T22:56:28Z logger.go:66:
TestTerraformCompleteExample 2022-07-30T22:56:28Z logger.go:66:       + wait {
TestTerraformCompleteExample 2022-07-30T22:56:28Z logger.go:66:           + fields = {
TestTerraformCompleteExample 2022-07-30T22:56:28Z logger.go:66:               + "status.phase" = "RUNNING"
TestTerraformCompleteExample 2022-07-30T22:56:28Z logger.go:66:             }
TestTerraformCompleteExample 2022-07-30T22:56:28Z logger.go:66:         }
TestTerraformCompleteExample 2022-07-30T22:56:28Z logger.go:66:     }
TestTerraformCompleteExample 2022-07-30T22:56:28Z logger.go:66:
TestTerraformCompleteExample 2022-07-30T22:56:28Z logger.go:66:   # module.confluent_platform.kubernetes_manifest.component["kafkarestproxy"] will be created
TestTerraformCompleteExample 2022-07-30T22:56:28Z logger.go:66:   + resource "kubernetes_manifest" "component" {
TestTerraformCompleteExample 2022-07-30T22:56:28Z logger.go:66:       + computed_fields = [
TestTerraformCompleteExample 2022-07-30T22:56:28Z logger.go:66:           + "metadata.finalizers",
TestTerraformCompleteExample 2022-07-30T22:56:28Z logger.go:66:         ]
TestTerraformCompleteExample 2022-07-30T22:56:28Z logger.go:66:       + manifest        = {
TestTerraformCompleteExample 2022-07-30T22:56:28Z logger.go:66:           + apiVersion = "platform.confluent.io/v1beta1"
TestTerraformCompleteExample 2022-07-30T22:56:28Z logger.go:66:           + kind       = "KafkaRestProxy"
TestTerraformCompleteExample 2022-07-30T22:56:28Z logger.go:66:           + metadata   = {
TestTerraformCompleteExample 2022-07-30T22:56:28Z logger.go:66:               + name      = "kafkarestproxy"
TestTerraformCompleteExample 2022-07-30T22:56:28Z logger.go:66:               + namespace = "confluent"
TestTerraformCompleteExample 2022-07-30T22:56:28Z logger.go:66:             }
TestTerraformCompleteExample 2022-07-30T22:56:28Z logger.go:66:           + spec       = {
TestTerraformCompleteExample 2022-07-30T22:56:28Z logger.go:66:               + dependencies = {
TestTerraformCompleteExample 2022-07-30T22:56:28Z logger.go:66:                   + schemaRegistry = {
TestTerraformCompleteExample 2022-07-30T22:56:28Z logger.go:66:                       + url = "http://schemaregistry.confluent.svc.cluster.local:8081"
TestTerraformCompleteExample 2022-07-30T22:56:28Z logger.go:66:                     }
TestTerraformCompleteExample 2022-07-30T22:56:28Z logger.go:66:                 }
TestTerraformCompleteExample 2022-07-30T22:56:28Z logger.go:66:               + image        = {
TestTerraformCompleteExample 2022-07-30T22:56:28Z logger.go:66:                   + application = "confluentinc/cp-kafka-rest:7.2.0"
TestTerraformCompleteExample 2022-07-30T22:56:28Z logger.go:66:                   + init        = "confluentinc/confluent-init-container:2.4.0"
TestTerraformCompleteExample 2022-07-30T22:56:28Z logger.go:66:                 }
TestTerraformCompleteExample 2022-07-30T22:56:28Z logger.go:66:               + replicas     = 1
TestTerraformCompleteExample 2022-07-30T22:56:28Z logger.go:66:             }
TestTerraformCompleteExample 2022-07-30T22:56:28Z logger.go:66:         }
TestTerraformCompleteExample 2022-07-30T22:56:28Z logger.go:66:       + object          = {
TestTerraformCompleteExample 2022-07-30T22:56:28Z logger.go:66:           + apiVersion = "platform.confluent.io/v1beta1"
TestTerraformCompleteExample 2022-07-30T22:56:28Z logger.go:66:           + kind       = "KafkaRestProxy"
TestTerraformCompleteExample 2022-07-30T22:56:28Z logger.go:66:           + metadata   = {
TestTerraformCompleteExample 2022-07-30T22:56:28Z logger.go:66:               + annotations                = (known after apply)
TestTerraformCompleteExample 2022-07-30T22:56:28Z logger.go:66:               + clusterName                = (known after apply)
TestTerraformCompleteExample 2022-07-30T22:56:28Z logger.go:66:               + creationTimestamp          = (known after apply)
TestTerraformCompleteExample 2022-07-30T22:56:28Z logger.go:66:               + deletionGracePeriodSeconds = (known after apply)
TestTerraformCompleteExample 2022-07-30T22:56:28Z logger.go:66:               + deletionTimestamp          = (known after apply)
TestTerraformCompleteExample 2022-07-30T22:56:28Z logger.go:66:               + finalizers                 = (known after apply)
TestTerraformCompleteExample 2022-07-30T22:56:28Z logger.go:66:               + generateName               = (known after apply)
TestTerraformCompleteExample 2022-07-30T22:56:28Z logger.go:66:               + generation                 = (known after apply)
TestTerraformCompleteExample 2022-07-30T22:56:28Z logger.go:66:               + labels                     = (known after apply)
TestTerraformCompleteExample 2022-07-30T22:56:28Z logger.go:66:               + managedFields              = (known after apply)
TestTerraformCompleteExample 2022-07-30T22:56:28Z logger.go:66:               + name                       = "kafkarestproxy"
TestTerraformCompleteExample 2022-07-30T22:56:28Z logger.go:66:               + namespace                  = "confluent"
TestTerraformCompleteExample 2022-07-30T22:56:28Z logger.go:66:               + ownerReferences            = (known after apply)
TestTerraformCompleteExample 2022-07-30T22:56:28Z logger.go:66:               + resourceVersion            = (known after apply)
TestTerraformCompleteExample 2022-07-30T22:56:28Z logger.go:66:               + selfLink                   = (known after apply)
TestTerraformCompleteExample 2022-07-30T22:56:28Z logger.go:66:               + uid                        = (known after apply)
TestTerraformCompleteExample 2022-07-30T22:56:28Z logger.go:66:             }
TestTerraformCompleteExample 2022-07-30T22:56:28Z logger.go:66:           + spec       = {
TestTerraformCompleteExample 2022-07-30T22:56:28Z logger.go:66:               + authentication    = {
TestTerraformCompleteExample 2022-07-30T22:56:28Z logger.go:66:                   + basic = {
TestTerraformCompleteExample 2022-07-30T22:56:28Z logger.go:66:                       + debug                    = (known after apply)
TestTerraformCompleteExample 2022-07-30T22:56:28Z logger.go:66:                       + directoryPathInContainer = (known after apply)
TestTerraformCompleteExample 2022-07-30T22:56:28Z logger.go:66:                       + restrictedRoles          = (known after apply)
TestTerraformCompleteExample 2022-07-30T22:56:28Z logger.go:66:                       + roles                    = (known after apply)
TestTerraformCompleteExample 2022-07-30T22:56:28Z logger.go:66:                       + secretRef                = (known after apply)
TestTerraformCompleteExample 2022-07-30T22:56:28Z logger.go:66:                     }
TestTerraformCompleteExample 2022-07-30T22:56:28Z logger.go:66:                   + type  = (known after apply)
TestTerraformCompleteExample 2022-07-30T22:56:28Z logger.go:66:                 }
TestTerraformCompleteExample 2022-07-30T22:56:28Z logger.go:66:               + authorization     = {
TestTerraformCompleteExample 2022-07-30T22:56:28Z logger.go:66:                   + kafkaRestClassRef = {
TestTerraformCompleteExample 2022-07-30T22:56:28Z logger.go:66:                       + name      = (known after apply)
TestTerraformCompleteExample 2022-07-30T22:56:28Z logger.go:66:                       + namespace = (known after apply)
TestTerraformCompleteExample 2022-07-30T22:56:28Z logger.go:66:                     }
TestTerraformCompleteExample 2022-07-30T22:56:28Z logger.go:66:                   + type              = (known after apply)
TestTerraformCompleteExample 2022-07-30T22:56:28Z logger.go:66:                 }
TestTerraformCompleteExample 2022-07-30T22:56:28Z logger.go:66:               + configOverrides   = {
TestTerraformCompleteExample 2022-07-30T22:56:28Z logger.go:66:                   + jvm    = (known after apply)
TestTerraformCompleteExample 2022-07-30T22:56:28Z logger.go:66:                   + log4j  = (known after apply)
TestTerraformCompleteExample 2022-07-30T22:56:28Z logger.go:66:                   + server = (known after apply)
TestTerraformCompleteExample 2022-07-30T22:56:28Z logger.go:66:                 }
TestTerraformCompleteExample 2022-07-30T22:56:28Z logger.go:66:               + dependencies      = {
TestTerraformCompleteExample 2022-07-30T22:56:28Z logger.go:66:                   + interceptor    = {
TestTerraformCompleteExample 2022-07-30T22:56:28Z logger.go:66:                       + configs   = (known after apply)
TestTerraformCompleteExample 2022-07-30T22:56:28Z logger.go:66:                       + consumer  = {
TestTerraformCompleteExample 2022-07-30T22:56:28Z logger.go:66:                           + authentication    = {
TestTerraformCompleteExample 2022-07-30T22:56:28Z logger.go:66:                               + jaasConfig            = {
TestTerraformCompleteExample 2022-07-30T22:56:28Z logger.go:66:                                   + secretRef = (known after apply)
TestTerraformCompleteExample 2022-07-30T22:56:28Z logger.go:66:                                 }
TestTerraformCompleteExample 2022-07-30T22:56:28Z logger.go:66:                               + jaasConfigPassThrough = {
TestTerraformCompleteExample 2022-07-30T22:56:28Z logger.go:66:                                   + directoryPathInContainer = (known after apply)
TestTerraformCompleteExample 2022-07-30T22:56:28Z logger.go:66:                                   + secretRef                = (known after apply)
TestTerraformCompleteExample 2022-07-30T22:56:28Z logger.go:66:                                 }
TestTerraformCompleteExample 2022-07-30T22:56:28Z logger.go:66:                               + oauthbearer           = {
TestTerraformCompleteExample 2022-07-30T22:56:28Z logger.go:66:                                   + directoryPathInContainer = (known after apply)
TestTerraformCompleteExample 2022-07-30T22:56:28Z logger.go:66:                                   + secretRef                = (known after apply)
TestTerraformCompleteExample 2022-07-30T22:56:28Z logger.go:66:                                 }
TestTerraformCompleteExample 2022-07-30T22:56:28Z logger.go:66:                               + type                  = (known after apply)
TestTerraformCompleteExample 2022-07-30T22:56:28Z logger.go:66:                             }
TestTerraformCompleteExample 2022-07-30T22:56:28Z logger.go:66:                           + bootstrapEndpoint = (known after apply)
TestTerraformCompleteExample 2022-07-30T22:56:28Z logger.go:66:                           + discovery         = {
TestTerraformCompleteExample 2022-07-30T22:56:28Z logger.go:66:                               + name      = (known after apply)
TestTerraformCompleteExample 2022-07-30T22:56:28Z logger.go:66:                               + namespace = (known after apply)
TestTerraformCompleteExample 2022-07-30T22:56:28Z logger.go:66:                               + secretRef = (known after apply)
TestTerraformCompleteExample 2022-07-30T22:56:28Z logger.go:66:                             }
TestTerraformCompleteExample 2022-07-30T22:56:28Z logger.go:66:                           + tls               = {
TestTerraformCompleteExample 2022-07-30T22:56:28Z logger.go:66:                               + directoryPathInContainer = (known after apply)
TestTerraformCompleteExample 2022-07-30T22:56:28Z logger.go:66:                               + enabled                  = (known after apply)
TestTerraformCompleteExample 2022-07-30T22:56:28Z logger.go:66:                               + ignoreTrustStoreConfig   = (known after apply)
TestTerraformCompleteExample 2022-07-30T22:56:28Z logger.go:66:                               + jksPassword              = {
TestTerraformCompleteExample 2022-07-30T22:56:28Z logger.go:66:                                   + secretRef = (known after apply)
TestTerraformCompleteExample 2022-07-30T22:56:28Z logger.go:66:                                 }
TestTerraformCompleteExample 2022-07-30T22:56:28Z logger.go:66:                               + secretRef                = (known after apply)
TestTerraformCompleteExample 2022-07-30T22:56:28Z logger.go:66:                             }
TestTerraformCompleteExample 2022-07-30T22:56:28Z logger.go:66:                         }
TestTerraformCompleteExample 2022-07-30T22:56:28Z logger.go:66:                       + enabled   = (known after apply)
TestTerraformCompleteExample 2022-07-30T22:56:28Z logger.go:66:                       + producer  = {
TestTerraformCompleteExample 2022-07-30T22:56:28Z logger.go:66:                           + authentication    = {
TestTerraformCompleteExample 2022-07-30T22:56:28Z logger.go:66:                               + jaasConfig            = {
TestTerraformCompleteExample 2022-07-30T22:56:28Z logger.go:66:                                   + secretRef = (known after apply)
TestTerraformCompleteExample 2022-07-30T22:56:28Z logger.go:66:                                 }
TestTerraformCompleteExample 2022-07-30T22:56:28Z logger.go:66:                               + jaasConfigPassThrough = {
TestTerraformCompleteExample 2022-07-30T22:56:28Z logger.go:66:                                   + directoryPathInContainer = (known after apply)
TestTerraformCompleteExample 2022-07-30T22:56:28Z logger.go:66:                                   + secretRef                = (known after apply)
TestTerraformCompleteExample 2022-07-30T22:56:28Z logger.go:66:                                 }
TestTerraformCompleteExample 2022-07-30T22:56:28Z logger.go:66:                               + oauthbearer           = {
TestTerraformCompleteExample 2022-07-30T22:56:28Z logger.go:66:                                   + directoryPathInContainer = (known after apply)
TestTerraformCompleteExample 2022-07-30T22:56:28Z logger.go:66:                                   + secretRef                = (known after apply)
TestTerraformCompleteExample 2022-07-30T22:56:28Z logger.go:66:                                 }
TestTerraformCompleteExample 2022-07-30T22:56:28Z logger.go:66:                               + type                  = (known after apply)
TestTerraformCompleteExample 2022-07-30T22:56:28Z logger.go:66:                             }
TestTerraformCompleteExample 2022-07-30T22:56:28Z logger.go:66:                           + bootstrapEndpoint = (known after apply)
TestTerraformCompleteExample 2022-07-30T22:56:28Z logger.go:66:                           + discovery         = {
TestTerraformCompleteExample 2022-07-30T22:56:28Z logger.go:66:                               + name      = (known after apply)
TestTerraformCompleteExample 2022-07-30T22:56:28Z logger.go:66:                               + namespace = (known after apply)
TestTerraformCompleteExample 2022-07-30T22:56:28Z logger.go:66:                               + secretRef = (known after apply)
TestTerraformCompleteExample 2022-07-30T22:56:28Z logger.go:66:                             }
TestTerraformCompleteExample 2022-07-30T22:56:28Z logger.go:66:                           + tls               = {
TestTerraformCompleteExample 2022-07-30T22:56:28Z logger.go:66:                               + directoryPathInContainer = (known after apply)
TestTerraformCompleteExample 2022-07-30T22:56:28Z logger.go:66:                               + enabled                  = (known after apply)
TestTerraformCompleteExample 2022-07-30T22:56:28Z logger.go:66:                               + ignoreTrustStoreConfig   = (known after apply)
TestTerraformCompleteExample 2022-07-30T22:56:28Z logger.go:66:                               + jksPassword              = {
TestTerraformCompleteExample 2022-07-30T22:56:28Z logger.go:66:                                   + secretRef = (known after apply)
TestTerraformCompleteExample 2022-07-30T22:56:28Z logger.go:66:                                 }
TestTerraformCompleteExample 2022-07-30T22:56:28Z logger.go:66:                               + secretRef                = (known after apply)
TestTerraformCompleteExample 2022-07-30T22:56:28Z logger.go:66:                             }
TestTerraformCompleteExample 2022-07-30T22:56:28Z logger.go:66:                         }
TestTerraformCompleteExample 2022-07-30T22:56:28Z logger.go:66:                       + publishMs = (known after apply)
TestTerraformCompleteExample 2022-07-30T22:56:28Z logger.go:66:                     }
TestTerraformCompleteExample 2022-07-30T22:56:28Z logger.go:66:                   + kafka          = {
TestTerraformCompleteExample 2022-07-30T22:56:28Z logger.go:66:                       + authentication    = {
TestTerraformCompleteExample 2022-07-30T22:56:28Z logger.go:66:                           + jaasConfig            = {
TestTerraformCompleteExample 2022-07-30T22:56:28Z logger.go:66:                               + secretRef = (known after apply)
TestTerraformCompleteExample 2022-07-30T22:56:28Z logger.go:66:                             }
TestTerraformCompleteExample 2022-07-30T22:56:28Z logger.go:66:                           + jaasConfigPassThrough = {
TestTerraformCompleteExample 2022-07-30T22:56:28Z logger.go:66:                               + directoryPathInContainer = (known after apply)
TestTerraformCompleteExample 2022-07-30T22:56:28Z logger.go:66:                               + secretRef                = (known after apply)
TestTerraformCompleteExample 2022-07-30T22:56:28Z logger.go:66:                             }
TestTerraformCompleteExample 2022-07-30T22:56:28Z logger.go:66:                           + oauthbearer           = {
TestTerraformCompleteExample 2022-07-30T22:56:28Z logger.go:66:                               + directoryPathInContainer = (known after apply)
TestTerraformCompleteExample 2022-07-30T22:56:28Z logger.go:66:                               + secretRef                = (known after apply)
TestTerraformCompleteExample 2022-07-30T22:56:28Z logger.go:66:                             }
TestTerraformCompleteExample 2022-07-30T22:56:28Z logger.go:66:                           + type                  = (known after apply)
TestTerraformCompleteExample 2022-07-30T22:56:28Z logger.go:66:                         }
TestTerraformCompleteExample 2022-07-30T22:56:28Z logger.go:66:                       + bootstrapEndpoint = (known after apply)
TestTerraformCompleteExample 2022-07-30T22:56:28Z logger.go:66:                       + discovery         = {
TestTerraformCompleteExample 2022-07-30T22:56:28Z logger.go:66:                           + name      = (known after apply)
TestTerraformCompleteExample 2022-07-30T22:56:28Z logger.go:66:                           + namespace = (known after apply)
TestTerraformCompleteExample 2022-07-30T22:56:28Z logger.go:66:                           + secretRef = (known after apply)
TestTerraformCompleteExample 2022-07-30T22:56:28Z logger.go:66:                         }
TestTerraformCompleteExample 2022-07-30T22:56:28Z logger.go:66:                       + tls               = {
TestTerraformCompleteExample 2022-07-30T22:56:28Z logger.go:66:                           + directoryPathInContainer = (known after apply)
TestTerraformCompleteExample 2022-07-30T22:56:28Z logger.go:66:                           + enabled                  = (known after apply)
TestTerraformCompleteExample 2022-07-30T22:56:28Z logger.go:66:                           + ignoreTrustStoreConfig   = (known after apply)
TestTerraformCompleteExample 2022-07-30T22:56:28Z logger.go:66:                           + jksPassword              = {
TestTerraformCompleteExample 2022-07-30T22:56:28Z logger.go:66:                               + secretRef = (known after apply)
TestTerraformCompleteExample 2022-07-30T22:56:28Z logger.go:66:                             }
TestTerraformCompleteExample 2022-07-30T22:56:28Z logger.go:66:                           + secretRef                = (known after apply)
TestTerraformCompleteExample 2022-07-30T22:56:28Z logger.go:66:                         }
TestTerraformCompleteExample 2022-07-30T22:56:28Z logger.go:66:                     }
TestTerraformCompleteExample 2022-07-30T22:56:28Z logger.go:66:                   + mds            = {
TestTerraformCompleteExample 2022-07-30T22:56:28Z logger.go:66:                       + authentication = {
TestTerraformCompleteExample 2022-07-30T22:56:28Z logger.go:66:                           + bearer = {
TestTerraformCompleteExample 2022-07-30T22:56:28Z logger.go:66:                               + directoryPathInContainer = (known after apply)
TestTerraformCompleteExample 2022-07-30T22:56:28Z logger.go:66:                               + secretRef                = (known after apply)
TestTerraformCompleteExample 2022-07-30T22:56:28Z logger.go:66:                             }
TestTerraformCompleteExample 2022-07-30T22:56:28Z logger.go:66:                           + type   = (known after apply)
TestTerraformCompleteExample 2022-07-30T22:56:28Z logger.go:66:                         }
TestTerraformCompleteExample 2022-07-30T22:56:28Z logger.go:66:                       + endpoint       = (known after apply)
TestTerraformCompleteExample 2022-07-30T22:56:28Z logger.go:66:                       + tls            = {
TestTerraformCompleteExample 2022-07-30T22:56:28Z logger.go:66:                           + directoryPathInContainer = (known after apply)
TestTerraformCompleteExample 2022-07-30T22:56:28Z logger.go:66:                           + enabled                  = (known after apply)
TestTerraformCompleteExample 2022-07-30T22:56:28Z logger.go:66:                           + ignoreTrustStoreConfig   = (known after apply)
TestTerraformCompleteExample 2022-07-30T22:56:28Z logger.go:66:                           + jksPassword              = {
TestTerraformCompleteExample 2022-07-30T22:56:28Z logger.go:66:                               + secretRef = (known after apply)
TestTerraformCompleteExample 2022-07-30T22:56:28Z logger.go:66:                             }
TestTerraformCompleteExample 2022-07-30T22:56:28Z logger.go:66:                           + secretRef                = (known after apply)
TestTerraformCompleteExample 2022-07-30T22:56:28Z logger.go:66:                         }
TestTerraformCompleteExample 2022-07-30T22:56:28Z logger.go:66:                       + tokenKeyPair   = {
TestTerraformCompleteExample 2022-07-30T22:56:28Z logger.go:66:                           + directoryPathInContainer = (known after apply)
TestTerraformCompleteExample 2022-07-30T22:56:28Z logger.go:66:                           + secretRef                = (known after apply)
TestTerraformCompleteExample 2022-07-30T22:56:28Z logger.go:66:                         }
TestTerraformCompleteExample 2022-07-30T22:56:28Z logger.go:66:                     }
TestTerraformCompleteExample 2022-07-30T22:56:28Z logger.go:66:                   + schemaRegistry = {
TestTerraformCompleteExample 2022-07-30T22:56:28Z logger.go:66:                       + authentication = {
TestTerraformCompleteExample 2022-07-30T22:56:28Z logger.go:66:                           + basic = {
TestTerraformCompleteExample 2022-07-30T22:56:28Z logger.go:66:                               + debug                    = (known after apply)
TestTerraformCompleteExample 2022-07-30T22:56:28Z logger.go:66:                               + directoryPathInContainer = (known after apply)
TestTerraformCompleteExample 2022-07-30T22:56:28Z logger.go:66:                               + restrictedRoles          = (known after apply)
TestTerraformCompleteExample 2022-07-30T22:56:28Z logger.go:66:                               + roles                    = (known after apply)
TestTerraformCompleteExample 2022-07-30T22:56:28Z logger.go:66:                               + secretRef                = (known after apply)
TestTerraformCompleteExample 2022-07-30T22:56:28Z logger.go:66:                             }
TestTerraformCompleteExample 2022-07-30T22:56:28Z logger.go:66:                           + type  = (known after apply)
TestTerraformCompleteExample 2022-07-30T22:56:28Z logger.go:66:                         }
TestTerraformCompleteExample 2022-07-30T22:56:28Z logger.go:66:                       + tls            = {
TestTerraformCompleteExample 2022-07-30T22:56:28Z logger.go:66:                           + directoryPathInContainer = (known after apply)
TestTerraformCompleteExample 2022-07-30T22:56:28Z logger.go:66:                           + enabled                  = (known after apply)
TestTerraformCompleteExample 2022-07-30T22:56:28Z logger.go:66:                           + ignoreTrustStoreConfig   = (known after apply)
TestTerraformCompleteExample 2022-07-30T22:56:28Z logger.go:66:                           + jksPassword              = {
TestTerraformCompleteExample 2022-07-30T22:56:28Z logger.go:66:                               + secretRef = (known after apply)
TestTerraformCompleteExample 2022-07-30T22:56:28Z logger.go:66:                             }
TestTerraformCompleteExample 2022-07-30T22:56:28Z logger.go:66:                           + secretRef                = (known after apply)
TestTerraformCompleteExample 2022-07-30T22:56:28Z logger.go:66:                         }
TestTerraformCompleteExample 2022-07-30T22:56:28Z logger.go:66:                       + url            = "http://schemaregistry.confluent.svc.cluster.local:8081"
TestTerraformCompleteExample 2022-07-30T22:56:28Z logger.go:66:                     }
TestTerraformCompleteExample 2022-07-30T22:56:28Z logger.go:66:                 }
TestTerraformCompleteExample 2022-07-30T22:56:28Z logger.go:66:               + externalAccess    = {
TestTerraformCompleteExample 2022-07-30T22:56:28Z logger.go:66:                   + loadBalancer = {
TestTerraformCompleteExample 2022-07-30T22:56:28Z logger.go:66:                       + advertisedURL            = {
TestTerraformCompleteExample 2022-07-30T22:56:28Z logger.go:66:                           + enabled = (known after apply)
TestTerraformCompleteExample 2022-07-30T22:56:28Z logger.go:66:                           + prefix  = (known after apply)
TestTerraformCompleteExample 2022-07-30T22:56:28Z logger.go:66:                         }
TestTerraformCompleteExample 2022-07-30T22:56:28Z logger.go:66:                       + annotations              = (known after apply)
TestTerraformCompleteExample 2022-07-30T22:56:28Z logger.go:66:                       + domain                   = (known after apply)
TestTerraformCompleteExample 2022-07-30T22:56:28Z logger.go:66:                       + externalTrafficPolicy    = (known after apply)
TestTerraformCompleteExample 2022-07-30T22:56:28Z logger.go:66:                       + labels                   = (known after apply)
TestTerraformCompleteExample 2022-07-30T22:56:28Z logger.go:66:                       + loadBalancerSourceRanges = (known after apply)
TestTerraformCompleteExample 2022-07-30T22:56:28Z logger.go:66:                       + port                     = (known after apply)
TestTerraformCompleteExample 2022-07-30T22:56:28Z logger.go:66:                       + prefix                   = (known after apply)
TestTerraformCompleteExample 2022-07-30T22:56:28Z logger.go:66:                       + servicePorts             = (known after apply)
TestTerraformCompleteExample 2022-07-30T22:56:28Z logger.go:66:                       + sessionAffinity          = (known after apply)
TestTerraformCompleteExample 2022-07-30T22:56:28Z logger.go:66:                       + sessionAffinityConfig    = {
TestTerraformCompleteExample 2022-07-30T22:56:28Z logger.go:66:                           + clientIP = {
TestTerraformCompleteExample 2022-07-30T22:56:28Z logger.go:66:                               + timeoutSeconds = (known after apply)
TestTerraformCompleteExample 2022-07-30T22:56:28Z logger.go:66:                             }
TestTerraformCompleteExample 2022-07-30T22:56:28Z logger.go:66:                         }
TestTerraformCompleteExample 2022-07-30T22:56:28Z logger.go:66:                     }
TestTerraformCompleteExample 2022-07-30T22:56:28Z logger.go:66:                   + nodePort     = {
TestTerraformCompleteExample 2022-07-30T22:56:28Z logger.go:66:                       + advertisedURL         = {
TestTerraformCompleteExample 2022-07-30T22:56:28Z logger.go:66:                           + enabled = (known after apply)
TestTerraformCompleteExample 2022-07-30T22:56:28Z logger.go:66:                           + prefix  = (known after apply)
TestTerraformCompleteExample 2022-07-30T22:56:28Z logger.go:66:                         }
TestTerraformCompleteExample 2022-07-30T22:56:28Z logger.go:66:                       + annotations           = (known after apply)
TestTerraformCompleteExample 2022-07-30T22:56:28Z logger.go:66:                       + externalTrafficPolicy = (known after apply)
TestTerraformCompleteExample 2022-07-30T22:56:28Z logger.go:66:                       + host                  = (known after apply)
TestTerraformCompleteExample 2022-07-30T22:56:28Z logger.go:66:                       + labels                = (known after apply)
TestTerraformCompleteExample 2022-07-30T22:56:28Z logger.go:66:                       + nodePortOffset        = (known after apply)
TestTerraformCompleteExample 2022-07-30T22:56:28Z logger.go:66:                       + servicePorts          = (known after apply)
TestTerraformCompleteExample 2022-07-30T22:56:28Z logger.go:66:                       + sessionAffinity       = (known after apply)
TestTerraformCompleteExample 2022-07-30T22:56:28Z logger.go:66:                       + sessionAffinityConfig = {
TestTerraformCompleteExample 2022-07-30T22:56:28Z logger.go:66:                           + clientIP = {
TestTerraformCompleteExample 2022-07-30T22:56:28Z logger.go:66:                               + timeoutSeconds = (known after apply)
TestTerraformCompleteExample 2022-07-30T22:56:28Z logger.go:66:                             }
TestTerraformCompleteExample 2022-07-30T22:56:28Z logger.go:66:                         }
TestTerraformCompleteExample 2022-07-30T22:56:28Z logger.go:66:                     }
TestTerraformCompleteExample 2022-07-30T22:56:28Z logger.go:66:                   + route        = {
TestTerraformCompleteExample 2022-07-30T22:56:28Z logger.go:66:                       + annotations    = (known after apply)
TestTerraformCompleteExample 2022-07-30T22:56:28Z logger.go:66:                       + domain         = (known after apply)
TestTerraformCompleteExample 2022-07-30T22:56:28Z logger.go:66:                       + labels         = (known after apply)
TestTerraformCompleteExample 2022-07-30T22:56:28Z logger.go:66:                       + prefix         = (known after apply)
TestTerraformCompleteExample 2022-07-30T22:56:28Z logger.go:66:                       + wildcardPolicy = (known after apply)
TestTerraformCompleteExample 2022-07-30T22:56:28Z logger.go:66:                     }
TestTerraformCompleteExample 2022-07-30T22:56:28Z logger.go:66:                   + type         = (known after apply)
TestTerraformCompleteExample 2022-07-30T22:56:28Z logger.go:66:                 }
TestTerraformCompleteExample 2022-07-30T22:56:28Z logger.go:66:               + headlessService   = {
TestTerraformCompleteExample 2022-07-30T22:56:28Z logger.go:66:                   + annotations              = (known after apply)
TestTerraformCompleteExample 2022-07-30T22:56:28Z logger.go:66:                   + labels                   = (known after apply)
TestTerraformCompleteExample 2022-07-30T22:56:28Z logger.go:66:                   + publishNotReadyAddresses = (known after apply)
TestTerraformCompleteExample 2022-07-30T22:56:28Z logger.go:66:                 }
TestTerraformCompleteExample 2022-07-30T22:56:28Z logger.go:66:               + image             = {
TestTerraformCompleteExample 2022-07-30T22:56:28Z logger.go:66:                   + application   = "confluentinc/cp-kafka-rest:7.2.0"
TestTerraformCompleteExample 2022-07-30T22:56:28Z logger.go:66:                   + init          = "confluentinc/confluent-init-container:2.4.0"
TestTerraformCompleteExample 2022-07-30T22:56:28Z logger.go:66:                   + pullPolicy    = (known after apply)
TestTerraformCompleteExample 2022-07-30T22:56:28Z logger.go:66:                   + pullSecretRef = (known after apply)
TestTerraformCompleteExample 2022-07-30T22:56:28Z logger.go:66:                 }
TestTerraformCompleteExample 2022-07-30T22:56:28Z logger.go:66:               + injectAnnotations = (known after apply)
TestTerraformCompleteExample 2022-07-30T22:56:28Z logger.go:66:               + injectLabels      = (known after apply)
TestTerraformCompleteExample 2022-07-30T22:56:28Z logger.go:66:               + k8sClusterDomain  = (known after apply)
TestTerraformCompleteExample 2022-07-30T22:56:28Z logger.go:66:               + license           = {
TestTerraformCompleteExample 2022-07-30T22:56:28Z logger.go:66:                   + directoryPathInContainer = (known after apply)
TestTerraformCompleteExample 2022-07-30T22:56:28Z logger.go:66:                   + globalLicense            = (known after apply)
TestTerraformCompleteExample 2022-07-30T22:56:28Z logger.go:66:                   + secretRef                = (known after apply)
TestTerraformCompleteExample 2022-07-30T22:56:28Z logger.go:66:                 }
TestTerraformCompleteExample 2022-07-30T22:56:28Z logger.go:66:               + metrics           = {
TestTerraformCompleteExample 2022-07-30T22:56:28Z logger.go:66:                   + authentication = {
TestTerraformCompleteExample 2022-07-30T22:56:28Z logger.go:66:                       + type = (known after apply)
TestTerraformCompleteExample 2022-07-30T22:56:28Z logger.go:66:                     }
TestTerraformCompleteExample 2022-07-30T22:56:28Z logger.go:66:                   + prometheus     = {
TestTerraformCompleteExample 2022-07-30T22:56:28Z logger.go:66:                       + blacklist = (known after apply)
TestTerraformCompleteExample 2022-07-30T22:56:28Z logger.go:66:                       + rules     = (known after apply)
TestTerraformCompleteExample 2022-07-30T22:56:28Z logger.go:66:                       + whitelist = (known after apply)
TestTerraformCompleteExample 2022-07-30T22:56:28Z logger.go:66:                     }
TestTerraformCompleteExample 2022-07-30T22:56:28Z logger.go:66:                   + tls            = {
TestTerraformCompleteExample 2022-07-30T22:56:28Z logger.go:66:                       + directoryPathInContainer = (known after apply)
TestTerraformCompleteExample 2022-07-30T22:56:28Z logger.go:66:                       + enabled                  = (known after apply)
TestTerraformCompleteExample 2022-07-30T22:56:28Z logger.go:66:                       + ignoreTrustStoreConfig   = (known after apply)
TestTerraformCompleteExample 2022-07-30T22:56:28Z logger.go:66:                       + jksPassword              = {
TestTerraformCompleteExample 2022-07-30T22:56:28Z logger.go:66:                           + secretRef = (known after apply)
TestTerraformCompleteExample 2022-07-30T22:56:28Z logger.go:66:                         }
TestTerraformCompleteExample 2022-07-30T22:56:28Z logger.go:66:                       + secretRef                = (known after apply)
TestTerraformCompleteExample 2022-07-30T22:56:28Z logger.go:66:                     }
TestTerraformCompleteExample 2022-07-30T22:56:28Z logger.go:66:                 }
TestTerraformCompleteExample 2022-07-30T22:56:28Z logger.go:66:               + mountedSecrets    = (known after apply)
TestTerraformCompleteExample 2022-07-30T22:56:28Z logger.go:66:               + mountedVolumes    = {
TestTerraformCompleteExample 2022-07-30T22:56:28Z logger.go:66:                   + volumeMounts = (known after apply)
TestTerraformCompleteExample 2022-07-30T22:56:28Z logger.go:66:                   + volumes      = (known after apply)
TestTerraformCompleteExample 2022-07-30T22:56:28Z logger.go:66:                 }
TestTerraformCompleteExample 2022-07-30T22:56:28Z logger.go:66:               + oneReplicaPerNode = (known after apply)
TestTerraformCompleteExample 2022-07-30T22:56:28Z logger.go:66:               + podTemplate       = {
TestTerraformCompleteExample 2022-07-30T22:56:28Z logger.go:66:                   + affinity                      = {
TestTerraformCompleteExample 2022-07-30T22:56:28Z logger.go:66:                       + nodeAffinity    = {
TestTerraformCompleteExample 2022-07-30T22:56:28Z logger.go:66:                           + preferredDuringSchedulingIgnoredDuringExecution = (known after apply)
TestTerraformCompleteExample 2022-07-30T22:56:28Z logger.go:66:                           + requiredDuringSchedulingIgnoredDuringExecution  = {
TestTerraformCompleteExample 2022-07-30T22:56:28Z logger.go:66:                               + nodeSelectorTerms = (known after apply)
TestTerraformCompleteExample 2022-07-30T22:56:28Z logger.go:66:                             }
TestTerraformCompleteExample 2022-07-30T22:56:28Z logger.go:66:                         }
TestTerraformCompleteExample 2022-07-30T22:56:28Z logger.go:66:                       + podAffinity     = {
TestTerraformCompleteExample 2022-07-30T22:56:28Z logger.go:66:                           + preferredDuringSchedulingIgnoredDuringExecution = (known after apply)
TestTerraformCompleteExample 2022-07-30T22:56:28Z logger.go:66:                           + requiredDuringSchedulingIgnoredDuringExecution  = (known after apply)
TestTerraformCompleteExample 2022-07-30T22:56:28Z logger.go:66:                         }
TestTerraformCompleteExample 2022-07-30T22:56:28Z logger.go:66:                       + podAntiAffinity = {
TestTerraformCompleteExample 2022-07-30T22:56:28Z logger.go:66:                           + preferredDuringSchedulingIgnoredDuringExecution = (known after apply)
TestTerraformCompleteExample 2022-07-30T22:56:28Z logger.go:66:                           + requiredDuringSchedulingIgnoredDuringExecution  = (known after apply)
TestTerraformCompleteExample 2022-07-30T22:56:28Z logger.go:66:                         }
TestTerraformCompleteExample 2022-07-30T22:56:28Z logger.go:66:                     }
TestTerraformCompleteExample 2022-07-30T22:56:28Z logger.go:66:                   + annotations                   = (known after apply)
TestTerraformCompleteExample 2022-07-30T22:56:28Z logger.go:66:                   + envVars                       = (known after apply)
TestTerraformCompleteExample 2022-07-30T22:56:28Z logger.go:66:                   + labels                        = (known after apply)
TestTerraformCompleteExample 2022-07-30T22:56:28Z logger.go:66:                   + podSecurityContext            = {
TestTerraformCompleteExample 2022-07-30T22:56:28Z logger.go:66:                       + fsGroup             = (known after apply)
TestTerraformCompleteExample 2022-07-30T22:56:28Z logger.go:66:                       + fsGroupChangePolicy = (known after apply)
TestTerraformCompleteExample 2022-07-30T22:56:28Z logger.go:66:                       + runAsGroup          = (known after apply)
TestTerraformCompleteExample 2022-07-30T22:56:28Z logger.go:66:                       + runAsNonRoot        = (known after apply)
TestTerraformCompleteExample 2022-07-30T22:56:28Z logger.go:66:                       + runAsUser           = (known after apply)
TestTerraformCompleteExample 2022-07-30T22:56:28Z logger.go:66:                       + seLinuxOptions      = {
TestTerraformCompleteExample 2022-07-30T22:56:28Z logger.go:66:                           + level = (known after apply)
TestTerraformCompleteExample 2022-07-30T22:56:28Z logger.go:66:                           + role  = (known after apply)
TestTerraformCompleteExample 2022-07-30T22:56:28Z logger.go:66:                           + type  = (known after apply)
TestTerraformCompleteExample 2022-07-30T22:56:28Z logger.go:66:                           + user  = (known after apply)
TestTerraformCompleteExample 2022-07-30T22:56:28Z logger.go:66:                         }
TestTerraformCompleteExample 2022-07-30T22:56:28Z logger.go:66:                       + seccompProfile      = {
TestTerraformCompleteExample 2022-07-30T22:56:28Z logger.go:66:                           + localhostProfile = (known after apply)
TestTerraformCompleteExample 2022-07-30T22:56:28Z logger.go:66:                           + type             = (known after apply)
TestTerraformCompleteExample 2022-07-30T22:56:28Z logger.go:66:                         }
TestTerraformCompleteExample 2022-07-30T22:56:28Z logger.go:66:                       + supplementalGroups  = (known after apply)
TestTerraformCompleteExample 2022-07-30T22:56:28Z logger.go:66:                       + sysctls             = (known after apply)
TestTerraformCompleteExample 2022-07-30T22:56:28Z logger.go:66:                       + windowsOptions      = {
TestTerraformCompleteExample 2022-07-30T22:56:28Z logger.go:66:                           + gmsaCredentialSpec     = (known after apply)
TestTerraformCompleteExample 2022-07-30T22:56:28Z logger.go:66:                           + gmsaCredentialSpecName = (known after apply)
TestTerraformCompleteExample 2022-07-30T22:56:28Z logger.go:66:                           + hostProcess            = (known after apply)
TestTerraformCompleteExample 2022-07-30T22:56:28Z logger.go:66:                           + runAsUserName          = (known after apply)
TestTerraformCompleteExample 2022-07-30T22:56:28Z logger.go:66:                         }
TestTerraformCompleteExample 2022-07-30T22:56:28Z logger.go:66:                     }
TestTerraformCompleteExample 2022-07-30T22:56:28Z logger.go:66:                   + priorityClassName             = (known after apply)
TestTerraformCompleteExample 2022-07-30T22:56:28Z logger.go:66:                   + probe                         = {
TestTerraformCompleteExample 2022-07-30T22:56:28Z logger.go:66:                       + liveness  = {
TestTerraformCompleteExample 2022-07-30T22:56:28Z logger.go:66:                           + failureThreshold    = (known after apply)
TestTerraformCompleteExample 2022-07-30T22:56:28Z logger.go:66:                           + initialDelaySeconds = (known after apply)
TestTerraformCompleteExample 2022-07-30T22:56:28Z logger.go:66:                           + periodSeconds       = (known after apply)
TestTerraformCompleteExample 2022-07-30T22:56:28Z logger.go:66:                           + successThreshold    = (known after apply)
TestTerraformCompleteExample 2022-07-30T22:56:28Z logger.go:66:                           + timeoutSeconds      = (known after apply)
TestTerraformCompleteExample 2022-07-30T22:56:28Z logger.go:66:                         }
TestTerraformCompleteExample 2022-07-30T22:56:28Z logger.go:66:                       + readiness = {
TestTerraformCompleteExample 2022-07-30T22:56:28Z logger.go:66:                           + failureThreshold    = (known after apply)
TestTerraformCompleteExample 2022-07-30T22:56:28Z logger.go:66:                           + initialDelaySeconds = (known after apply)
TestTerraformCompleteExample 2022-07-30T22:56:28Z logger.go:66:                           + periodSeconds       = (known after apply)
TestTerraformCompleteExample 2022-07-30T22:56:28Z logger.go:66:                           + successThreshold    = (known after apply)
TestTerraformCompleteExample 2022-07-30T22:56:28Z logger.go:66:                           + timeoutSeconds      = (known after apply)
TestTerraformCompleteExample 2022-07-30T22:56:28Z logger.go:66:                         }
TestTerraformCompleteExample 2022-07-30T22:56:28Z logger.go:66:                     }
TestTerraformCompleteExample 2022-07-30T22:56:28Z logger.go:66:                   + resources                     = {
TestTerraformCompleteExample 2022-07-30T22:56:28Z logger.go:66:                       + limits   = (known after apply)
TestTerraformCompleteExample 2022-07-30T22:56:28Z logger.go:66:                       + requests = (known after apply)
TestTerraformCompleteExample 2022-07-30T22:56:28Z logger.go:66:                     }
TestTerraformCompleteExample 2022-07-30T22:56:28Z logger.go:66:                   + securityContext               = {
TestTerraformCompleteExample 2022-07-30T22:56:28Z logger.go:66:                       + allowPrivilegeEscalation = (known after apply)
TestTerraformCompleteExample 2022-07-30T22:56:28Z logger.go:66:                       + capabilities             = {
TestTerraformCompleteExample 2022-07-30T22:56:28Z logger.go:66:                           + add  = (known after apply)
TestTerraformCompleteExample 2022-07-30T22:56:28Z logger.go:66:                           + drop = (known after apply)
TestTerraformCompleteExample 2022-07-30T22:56:28Z logger.go:66:                         }
TestTerraformCompleteExample 2022-07-30T22:56:28Z logger.go:66:                       + privileged               = (known after apply)
TestTerraformCompleteExample 2022-07-30T22:56:28Z logger.go:66:                       + procMount                = (known after apply)
TestTerraformCompleteExample 2022-07-30T22:56:28Z logger.go:66:                       + readOnlyRootFilesystem   = (known after apply)
TestTerraformCompleteExample 2022-07-30T22:56:28Z logger.go:66:                       + runAsGroup               = (known after apply)
TestTerraformCompleteExample 2022-07-30T22:56:28Z logger.go:66:                       + runAsNonRoot             = (known after apply)
TestTerraformCompleteExample 2022-07-30T22:56:28Z logger.go:66:                       + runAsUser                = (known after apply)
TestTerraformCompleteExample 2022-07-30T22:56:28Z logger.go:66:                       + seLinuxOptions           = {
TestTerraformCompleteExample 2022-07-30T22:56:28Z logger.go:66:                           + level = (known after apply)
TestTerraformCompleteExample 2022-07-30T22:56:28Z logger.go:66:                           + role  = (known after apply)
TestTerraformCompleteExample 2022-07-30T22:56:28Z logger.go:66:                           + type  = (known after apply)
TestTerraformCompleteExample 2022-07-30T22:56:28Z logger.go:66:                           + user  = (known after apply)
TestTerraformCompleteExample 2022-07-30T22:56:28Z logger.go:66:                         }
TestTerraformCompleteExample 2022-07-30T22:56:28Z logger.go:66:                       + seccompProfile           = {
TestTerraformCompleteExample 2022-07-30T22:56:28Z logger.go:66:                           + localhostProfile = (known after apply)
TestTerraformCompleteExample 2022-07-30T22:56:28Z logger.go:66:                           + type             = (known after apply)
TestTerraformCompleteExample 2022-07-30T22:56:28Z logger.go:66:                         }
TestTerraformCompleteExample 2022-07-30T22:56:28Z logger.go:66:                       + windowsOptions           = {
TestTerraformCompleteExample 2022-07-30T22:56:28Z logger.go:66:                           + gmsaCredentialSpec     = (known after apply)
TestTerraformCompleteExample 2022-07-30T22:56:28Z logger.go:66:                           + gmsaCredentialSpecName = (known after apply)
TestTerraformCompleteExample 2022-07-30T22:56:28Z logger.go:66:                           + hostProcess            = (known after apply)
TestTerraformCompleteExample 2022-07-30T22:56:28Z logger.go:66:                           + runAsUserName          = (known after apply)
TestTerraformCompleteExample 2022-07-30T22:56:28Z logger.go:66:                         }
TestTerraformCompleteExample 2022-07-30T22:56:28Z logger.go:66:                     }
TestTerraformCompleteExample 2022-07-30T22:56:28Z logger.go:66:                   + serviceAccountName            = (known after apply)
TestTerraformCompleteExample 2022-07-30T22:56:28Z logger.go:66:                   + terminationGracePeriodSeconds = (known after apply)
TestTerraformCompleteExample 2022-07-30T22:56:28Z logger.go:66:                   + tolerations                   = (known after apply)
TestTerraformCompleteExample 2022-07-30T22:56:28Z logger.go:66:                   + topologySpreadConstraints     = (known after apply)
TestTerraformCompleteExample 2022-07-30T22:56:28Z logger.go:66:                 }
TestTerraformCompleteExample 2022-07-30T22:56:28Z logger.go:66:               + replicas          = 1
TestTerraformCompleteExample 2022-07-30T22:56:28Z logger.go:66:               + telemetry         = {
TestTerraformCompleteExample 2022-07-30T22:56:28Z logger.go:66:                   + global = (known after apply)
TestTerraformCompleteExample 2022-07-30T22:56:28Z logger.go:66:                 }
TestTerraformCompleteExample 2022-07-30T22:56:28Z logger.go:66:               + tls               = {
TestTerraformCompleteExample 2022-07-30T22:56:28Z logger.go:66:                   + autoGeneratedCerts       = (known after apply)
TestTerraformCompleteExample 2022-07-30T22:56:28Z logger.go:66:                   + directoryPathInContainer = (known after apply)
TestTerraformCompleteExample 2022-07-30T22:56:28Z logger.go:66:                   + ignoreTrustStoreConfig   = (known after apply)
TestTerraformCompleteExample 2022-07-30T22:56:28Z logger.go:66:                   + jksPassword              = {
TestTerraformCompleteExample 2022-07-30T22:56:28Z logger.go:66:                       + secretRef = (known after apply)
TestTerraformCompleteExample 2022-07-30T22:56:28Z logger.go:66:                     }
TestTerraformCompleteExample 2022-07-30T22:56:28Z logger.go:66:                   + secretRef                = (known after apply)
TestTerraformCompleteExample 2022-07-30T22:56:28Z logger.go:66:                 }
TestTerraformCompleteExample 2022-07-30T22:56:28Z logger.go:66:             }
TestTerraformCompleteExample 2022-07-30T22:56:28Z logger.go:66:         }
TestTerraformCompleteExample 2022-07-30T22:56:28Z logger.go:66:
TestTerraformCompleteExample 2022-07-30T22:56:28Z logger.go:66:       + timeouts {
TestTerraformCompleteExample 2022-07-30T22:56:28Z logger.go:66:           + create = "1h"
TestTerraformCompleteExample 2022-07-30T22:56:28Z logger.go:66:           + delete = "10m"
TestTerraformCompleteExample 2022-07-30T22:56:28Z logger.go:66:           + update = "1h"
TestTerraformCompleteExample 2022-07-30T22:56:28Z logger.go:66:         }
TestTerraformCompleteExample 2022-07-30T22:56:28Z logger.go:66:
TestTerraformCompleteExample 2022-07-30T22:56:28Z logger.go:66:       + wait {
TestTerraformCompleteExample 2022-07-30T22:56:28Z logger.go:66:           + fields = {
TestTerraformCompleteExample 2022-07-30T22:56:28Z logger.go:66:               + "status.phase" = "RUNNING"
TestTerraformCompleteExample 2022-07-30T22:56:28Z logger.go:66:             }
TestTerraformCompleteExample 2022-07-30T22:56:28Z logger.go:66:         }
TestTerraformCompleteExample 2022-07-30T22:56:28Z logger.go:66:     }
TestTerraformCompleteExample 2022-07-30T22:56:28Z logger.go:66:
TestTerraformCompleteExample 2022-07-30T22:56:28Z logger.go:66:   # module.confluent_platform.kubernetes_manifest.component["ksqldb"] will be created
TestTerraformCompleteExample 2022-07-30T22:56:28Z logger.go:66:   + resource "kubernetes_manifest" "component" {
TestTerraformCompleteExample 2022-07-30T22:56:28Z logger.go:66:       + computed_fields = [
TestTerraformCompleteExample 2022-07-30T22:56:28Z logger.go:66:           + "metadata.finalizers",
TestTerraformCompleteExample 2022-07-30T22:56:28Z logger.go:66:         ]
TestTerraformCompleteExample 2022-07-30T22:56:28Z logger.go:66:       + manifest        = {
TestTerraformCompleteExample 2022-07-30T22:56:28Z logger.go:66:           + apiVersion = "platform.confluent.io/v1beta1"
TestTerraformCompleteExample 2022-07-30T22:56:28Z logger.go:66:           + kind       = "KsqlDB"
TestTerraformCompleteExample 2022-07-30T22:56:28Z logger.go:66:           + metadata   = {
TestTerraformCompleteExample 2022-07-30T22:56:28Z logger.go:66:               + name      = "ksqldb"
TestTerraformCompleteExample 2022-07-30T22:56:28Z logger.go:66:               + namespace = "confluent"
TestTerraformCompleteExample 2022-07-30T22:56:28Z logger.go:66:             }
TestTerraformCompleteExample 2022-07-30T22:56:28Z logger.go:66:           + spec       = {
TestTerraformCompleteExample 2022-07-30T22:56:28Z logger.go:66:               + dataVolumeCapacity = "10Gi"
TestTerraformCompleteExample 2022-07-30T22:56:28Z logger.go:66:               + image              = {
TestTerraformCompleteExample 2022-07-30T22:56:28Z logger.go:66:                   + application = "confluentinc/cp-ksqldb-server:7.2.0"
TestTerraformCompleteExample 2022-07-30T22:56:28Z logger.go:66:                   + init        = "confluentinc/confluent-init-container:2.4.0"
TestTerraformCompleteExample 2022-07-30T22:56:28Z logger.go:66:                 }
TestTerraformCompleteExample 2022-07-30T22:56:28Z logger.go:66:               + replicas           = 1
TestTerraformCompleteExample 2022-07-30T22:56:28Z logger.go:66:             }
TestTerraformCompleteExample 2022-07-30T22:56:28Z logger.go:66:         }
TestTerraformCompleteExample 2022-07-30T22:56:28Z logger.go:66:       + object          = {
TestTerraformCompleteExample 2022-07-30T22:56:28Z logger.go:66:           + apiVersion = "platform.confluent.io/v1beta1"
TestTerraformCompleteExample 2022-07-30T22:56:28Z logger.go:66:           + kind       = "KsqlDB"
TestTerraformCompleteExample 2022-07-30T22:56:28Z logger.go:66:           + metadata   = {
TestTerraformCompleteExample 2022-07-30T22:56:28Z logger.go:66:               + annotations                = (known after apply)
TestTerraformCompleteExample 2022-07-30T22:56:28Z logger.go:66:               + clusterName                = (known after apply)
TestTerraformCompleteExample 2022-07-30T22:56:28Z logger.go:66:               + creationTimestamp          = (known after apply)
TestTerraformCompleteExample 2022-07-30T22:56:28Z logger.go:66:               + deletionGracePeriodSeconds = (known after apply)
TestTerraformCompleteExample 2022-07-30T22:56:28Z logger.go:66:               + deletionTimestamp          = (known after apply)
TestTerraformCompleteExample 2022-07-30T22:56:28Z logger.go:66:               + finalizers                 = (known after apply)
TestTerraformCompleteExample 2022-07-30T22:56:28Z logger.go:66:               + generateName               = (known after apply)
TestTerraformCompleteExample 2022-07-30T22:56:28Z logger.go:66:               + generation                 = (known after apply)
TestTerraformCompleteExample 2022-07-30T22:56:28Z logger.go:66:               + labels                     = (known after apply)
TestTerraformCompleteExample 2022-07-30T22:56:28Z logger.go:66:               + managedFields              = (known after apply)
TestTerraformCompleteExample 2022-07-30T22:56:28Z logger.go:66:               + name                       = "ksqldb"
TestTerraformCompleteExample 2022-07-30T22:56:28Z logger.go:66:               + namespace                  = "confluent"
TestTerraformCompleteExample 2022-07-30T22:56:28Z logger.go:66:               + ownerReferences            = (known after apply)
TestTerraformCompleteExample 2022-07-30T22:56:28Z logger.go:66:               + resourceVersion            = (known after apply)
TestTerraformCompleteExample 2022-07-30T22:56:28Z logger.go:66:               + selfLink                   = (known after apply)
TestTerraformCompleteExample 2022-07-30T22:56:28Z logger.go:66:               + uid                        = (known after apply)
TestTerraformCompleteExample 2022-07-30T22:56:28Z logger.go:66:             }
TestTerraformCompleteExample 2022-07-30T22:56:28Z logger.go:66:           + spec       = {
TestTerraformCompleteExample 2022-07-30T22:56:28Z logger.go:66:               + authentication                 = {
TestTerraformCompleteExample 2022-07-30T22:56:28Z logger.go:66:                   + basic = {
TestTerraformCompleteExample 2022-07-30T22:56:28Z logger.go:66:                       + debug                    = (known after apply)
TestTerraformCompleteExample 2022-07-30T22:56:28Z logger.go:66:                       + directoryPathInContainer = (known after apply)
TestTerraformCompleteExample 2022-07-30T22:56:28Z logger.go:66:                       + restrictedRoles          = (known after apply)
TestTerraformCompleteExample 2022-07-30T22:56:28Z logger.go:66:                       + roles                    = (known after apply)
TestTerraformCompleteExample 2022-07-30T22:56:28Z logger.go:66:                       + secretRef                = (known after apply)
TestTerraformCompleteExample 2022-07-30T22:56:28Z logger.go:66:                     }
TestTerraformCompleteExample 2022-07-30T22:56:28Z logger.go:66:                   + type  = (known after apply)
TestTerraformCompleteExample 2022-07-30T22:56:28Z logger.go:66:                 }
TestTerraformCompleteExample 2022-07-30T22:56:28Z logger.go:66:               + authorization                  = {
TestTerraformCompleteExample 2022-07-30T22:56:28Z logger.go:66:                   + kafkaRestClassRef = {
TestTerraformCompleteExample 2022-07-30T22:56:28Z logger.go:66:                       + name      = (known after apply)
TestTerraformCompleteExample 2022-07-30T22:56:28Z logger.go:66:                       + namespace = (known after apply)
TestTerraformCompleteExample 2022-07-30T22:56:28Z logger.go:66:                     }
TestTerraformCompleteExample 2022-07-30T22:56:28Z logger.go:66:                   + type              = (known after apply)
TestTerraformCompleteExample 2022-07-30T22:56:28Z logger.go:66:                 }
TestTerraformCompleteExample 2022-07-30T22:56:28Z logger.go:66:               + configOverrides                = {
TestTerraformCompleteExample 2022-07-30T22:56:28Z logger.go:66:                   + jvm    = (known after apply)
TestTerraformCompleteExample 2022-07-30T22:56:28Z logger.go:66:                   + log4j  = (known after apply)
TestTerraformCompleteExample 2022-07-30T22:56:28Z logger.go:66:                   + server = (known after apply)
TestTerraformCompleteExample 2022-07-30T22:56:28Z logger.go:66:                 }
TestTerraformCompleteExample 2022-07-30T22:56:28Z logger.go:66:               + dataVolumeCapacity             = "10Gi"
TestTerraformCompleteExample 2022-07-30T22:56:28Z logger.go:66:               + dependencies                   = {
TestTerraformCompleteExample 2022-07-30T22:56:28Z logger.go:66:                   + interceptor    = {
TestTerraformCompleteExample 2022-07-30T22:56:28Z logger.go:66:                       + configs   = (known after apply)
TestTerraformCompleteExample 2022-07-30T22:56:28Z logger.go:66:                       + consumer  = {
TestTerraformCompleteExample 2022-07-30T22:56:28Z logger.go:66:                           + authentication    = {
TestTerraformCompleteExample 2022-07-30T22:56:28Z logger.go:66:                               + jaasConfig            = {
TestTerraformCompleteExample 2022-07-30T22:56:28Z logger.go:66:                                   + secretRef = (known after apply)
TestTerraformCompleteExample 2022-07-30T22:56:28Z logger.go:66:                                 }
TestTerraformCompleteExample 2022-07-30T22:56:28Z logger.go:66:                               + jaasConfigPassThrough = {
TestTerraformCompleteExample 2022-07-30T22:56:28Z logger.go:66:                                   + directoryPathInContainer = (known after apply)
TestTerraformCompleteExample 2022-07-30T22:56:28Z logger.go:66:                                   + secretRef                = (known after apply)
TestTerraformCompleteExample 2022-07-30T22:56:28Z logger.go:66:                                 }
TestTerraformCompleteExample 2022-07-30T22:56:28Z logger.go:66:                               + oauthbearer           = {
TestTerraformCompleteExample 2022-07-30T22:56:28Z logger.go:66:                                   + directoryPathInContainer = (known after apply)
TestTerraformCompleteExample 2022-07-30T22:56:28Z logger.go:66:                                   + secretRef                = (known after apply)
TestTerraformCompleteExample 2022-07-30T22:56:28Z logger.go:66:                                 }
TestTerraformCompleteExample 2022-07-30T22:56:28Z logger.go:66:                               + type                  = (known after apply)
TestTerraformCompleteExample 2022-07-30T22:56:28Z logger.go:66:                             }
TestTerraformCompleteExample 2022-07-30T22:56:28Z logger.go:66:                           + bootstrapEndpoint = (known after apply)
TestTerraformCompleteExample 2022-07-30T22:56:28Z logger.go:66:                           + discovery         = {
TestTerraformCompleteExample 2022-07-30T22:56:28Z logger.go:66:                               + name      = (known after apply)
TestTerraformCompleteExample 2022-07-30T22:56:28Z logger.go:66:                               + namespace = (known after apply)
TestTerraformCompleteExample 2022-07-30T22:56:28Z logger.go:66:                               + secretRef = (known after apply)
TestTerraformCompleteExample 2022-07-30T22:56:28Z logger.go:66:                             }
TestTerraformCompleteExample 2022-07-30T22:56:28Z logger.go:66:                           + tls               = {
TestTerraformCompleteExample 2022-07-30T22:56:28Z logger.go:66:                               + directoryPathInContainer = (known after apply)
TestTerraformCompleteExample 2022-07-30T22:56:28Z logger.go:66:                               + enabled                  = (known after apply)
TestTerraformCompleteExample 2022-07-30T22:56:28Z logger.go:66:                               + ignoreTrustStoreConfig   = (known after apply)
TestTerraformCompleteExample 2022-07-30T22:56:28Z logger.go:66:                               + jksPassword              = {
TestTerraformCompleteExample 2022-07-30T22:56:28Z logger.go:66:                                   + secretRef = (known after apply)
TestTerraformCompleteExample 2022-07-30T22:56:28Z logger.go:66:                                 }
TestTerraformCompleteExample 2022-07-30T22:56:28Z logger.go:66:                               + secretRef                = (known after apply)
TestTerraformCompleteExample 2022-07-30T22:56:28Z logger.go:66:                             }
TestTerraformCompleteExample 2022-07-30T22:56:28Z logger.go:66:                         }
TestTerraformCompleteExample 2022-07-30T22:56:28Z logger.go:66:                       + enabled   = (known after apply)
TestTerraformCompleteExample 2022-07-30T22:56:28Z logger.go:66:                       + producer  = {
TestTerraformCompleteExample 2022-07-30T22:56:28Z logger.go:66:                           + authentication    = {
TestTerraformCompleteExample 2022-07-30T22:56:28Z logger.go:66:                               + jaasConfig            = {
TestTerraformCompleteExample 2022-07-30T22:56:28Z logger.go:66:                                   + secretRef = (known after apply)
TestTerraformCompleteExample 2022-07-30T22:56:28Z logger.go:66:                                 }
TestTerraformCompleteExample 2022-07-30T22:56:28Z logger.go:66:                               + jaasConfigPassThrough = {
TestTerraformCompleteExample 2022-07-30T22:56:28Z logger.go:66:                                   + directoryPathInContainer = (known after apply)
TestTerraformCompleteExample 2022-07-30T22:56:28Z logger.go:66:                                   + secretRef                = (known after apply)
TestTerraformCompleteExample 2022-07-30T22:56:28Z logger.go:66:                                 }
TestTerraformCompleteExample 2022-07-30T22:56:28Z logger.go:66:                               + oauthbearer           = {
TestTerraformCompleteExample 2022-07-30T22:56:28Z logger.go:66:                                   + directoryPathInContainer = (known after apply)
TestTerraformCompleteExample 2022-07-30T22:56:28Z logger.go:66:                                   + secretRef                = (known after apply)
TestTerraformCompleteExample 2022-07-30T22:56:28Z logger.go:66:                                 }
TestTerraformCompleteExample 2022-07-30T22:56:28Z logger.go:66:                               + type                  = (known after apply)
TestTerraformCompleteExample 2022-07-30T22:56:28Z logger.go:66:                             }
TestTerraformCompleteExample 2022-07-30T22:56:28Z logger.go:66:                           + bootstrapEndpoint = (known after apply)
TestTerraformCompleteExample 2022-07-30T22:56:28Z logger.go:66:                           + discovery         = {
TestTerraformCompleteExample 2022-07-30T22:56:28Z logger.go:66:                               + name      = (known after apply)
TestTerraformCompleteExample 2022-07-30T22:56:28Z logger.go:66:                               + namespace = (known after apply)
TestTerraformCompleteExample 2022-07-30T22:56:28Z logger.go:66:                               + secretRef = (known after apply)
TestTerraformCompleteExample 2022-07-30T22:56:28Z logger.go:66:                             }
TestTerraformCompleteExample 2022-07-30T22:56:28Z logger.go:66:                           + tls               = {
TestTerraformCompleteExample 2022-07-30T22:56:28Z logger.go:66:                               + directoryPathInContainer = (known after apply)
TestTerraformCompleteExample 2022-07-30T22:56:28Z logger.go:66:                               + enabled                  = (known after apply)
TestTerraformCompleteExample 2022-07-30T22:56:28Z logger.go:66:                               + ignoreTrustStoreConfig   = (known after apply)
TestTerraformCompleteExample 2022-07-30T22:56:28Z logger.go:66:                               + jksPassword              = {
TestTerraformCompleteExample 2022-07-30T22:56:28Z logger.go:66:                                   + secretRef = (known after apply)
TestTerraformCompleteExample 2022-07-30T22:56:28Z logger.go:66:                                 }
TestTerraformCompleteExample 2022-07-30T22:56:28Z logger.go:66:                               + secretRef                = (known after apply)
TestTerraformCompleteExample 2022-07-30T22:56:28Z logger.go:66:                             }
TestTerraformCompleteExample 2022-07-30T22:56:28Z logger.go:66:                         }
TestTerraformCompleteExample 2022-07-30T22:56:28Z logger.go:66:                       + publishMs = (known after apply)
TestTerraformCompleteExample 2022-07-30T22:56:28Z logger.go:66:                     }
TestTerraformCompleteExample 2022-07-30T22:56:28Z logger.go:66:                   + kafka          = {
TestTerraformCompleteExample 2022-07-30T22:56:28Z logger.go:66:                       + authentication    = {
TestTerraformCompleteExample 2022-07-30T22:56:28Z logger.go:66:                           + jaasConfig            = {
TestTerraformCompleteExample 2022-07-30T22:56:28Z logger.go:66:                               + secretRef = (known after apply)
TestTerraformCompleteExample 2022-07-30T22:56:28Z logger.go:66:                             }
TestTerraformCompleteExample 2022-07-30T22:56:28Z logger.go:66:                           + jaasConfigPassThrough = {
TestTerraformCompleteExample 2022-07-30T22:56:28Z logger.go:66:                               + directoryPathInContainer = (known after apply)
TestTerraformCompleteExample 2022-07-30T22:56:28Z logger.go:66:                               + secretRef                = (known after apply)
TestTerraformCompleteExample 2022-07-30T22:56:28Z logger.go:66:                             }
TestTerraformCompleteExample 2022-07-30T22:56:28Z logger.go:66:                           + oauthbearer           = {
TestTerraformCompleteExample 2022-07-30T22:56:28Z logger.go:66:                               + directoryPathInContainer = (known after apply)
TestTerraformCompleteExample 2022-07-30T22:56:28Z logger.go:66:                               + secretRef                = (known after apply)
TestTerraformCompleteExample 2022-07-30T22:56:28Z logger.go:66:                             }
TestTerraformCompleteExample 2022-07-30T22:56:28Z logger.go:66:                           + type                  = (known after apply)
TestTerraformCompleteExample 2022-07-30T22:56:28Z logger.go:66:                         }
TestTerraformCompleteExample 2022-07-30T22:56:28Z logger.go:66:                       + bootstrapEndpoint = (known after apply)
TestTerraformCompleteExample 2022-07-30T22:56:28Z logger.go:66:                       + discovery         = {
TestTerraformCompleteExample 2022-07-30T22:56:28Z logger.go:66:                           + name      = (known after apply)
TestTerraformCompleteExample 2022-07-30T22:56:28Z logger.go:66:                           + namespace = (known after apply)
TestTerraformCompleteExample 2022-07-30T22:56:28Z logger.go:66:                           + secretRef = (known after apply)
TestTerraformCompleteExample 2022-07-30T22:56:28Z logger.go:66:                         }
TestTerraformCompleteExample 2022-07-30T22:56:28Z logger.go:66:                       + tls               = {
TestTerraformCompleteExample 2022-07-30T22:56:28Z logger.go:66:                           + directoryPathInContainer = (known after apply)
TestTerraformCompleteExample 2022-07-30T22:56:28Z logger.go:66:                           + enabled                  = (known after apply)
TestTerraformCompleteExample 2022-07-30T22:56:28Z logger.go:66:                           + ignoreTrustStoreConfig   = (known after apply)
TestTerraformCompleteExample 2022-07-30T22:56:28Z logger.go:66:                           + jksPassword              = {
TestTerraformCompleteExample 2022-07-30T22:56:28Z logger.go:66:                               + secretRef = (known after apply)
TestTerraformCompleteExample 2022-07-30T22:56:28Z logger.go:66:                             }
TestTerraformCompleteExample 2022-07-30T22:56:28Z logger.go:66:                           + secretRef                = (known after apply)
TestTerraformCompleteExample 2022-07-30T22:56:28Z logger.go:66:                         }
TestTerraformCompleteExample 2022-07-30T22:56:28Z logger.go:66:                     }
TestTerraformCompleteExample 2022-07-30T22:56:28Z logger.go:66:                   + mds            = {
TestTerraformCompleteExample 2022-07-30T22:56:28Z logger.go:66:                       + authentication = {
TestTerraformCompleteExample 2022-07-30T22:56:28Z logger.go:66:                           + bearer = {
TestTerraformCompleteExample 2022-07-30T22:56:28Z logger.go:66:                               + directoryPathInContainer = (known after apply)
TestTerraformCompleteExample 2022-07-30T22:56:28Z logger.go:66:                               + secretRef                = (known after apply)
TestTerraformCompleteExample 2022-07-30T22:56:28Z logger.go:66:                             }
TestTerraformCompleteExample 2022-07-30T22:56:28Z logger.go:66:                           + type   = (known after apply)
TestTerraformCompleteExample 2022-07-30T22:56:28Z logger.go:66:                         }
TestTerraformCompleteExample 2022-07-30T22:56:28Z logger.go:66:                       + endpoint       = (known after apply)
TestTerraformCompleteExample 2022-07-30T22:56:28Z logger.go:66:                       + tls            = {
TestTerraformCompleteExample 2022-07-30T22:56:28Z logger.go:66:                           + directoryPathInContainer = (known after apply)
TestTerraformCompleteExample 2022-07-30T22:56:28Z logger.go:66:                           + enabled                  = (known after apply)
TestTerraformCompleteExample 2022-07-30T22:56:28Z logger.go:66:                           + ignoreTrustStoreConfig   = (known after apply)
TestTerraformCompleteExample 2022-07-30T22:56:28Z logger.go:66:                           + jksPassword              = {
TestTerraformCompleteExample 2022-07-30T22:56:28Z logger.go:66:                               + secretRef = (known after apply)
TestTerraformCompleteExample 2022-07-30T22:56:28Z logger.go:66:                             }
TestTerraformCompleteExample 2022-07-30T22:56:28Z logger.go:66:                           + secretRef                = (known after apply)
TestTerraformCompleteExample 2022-07-30T22:56:28Z logger.go:66:                         }
TestTerraformCompleteExample 2022-07-30T22:56:28Z logger.go:66:                       + tokenKeyPair   = {
TestTerraformCompleteExample 2022-07-30T22:56:28Z logger.go:66:                           + directoryPathInContainer = (known after apply)
TestTerraformCompleteExample 2022-07-30T22:56:28Z logger.go:66:                           + secretRef                = (known after apply)
TestTerraformCompleteExample 2022-07-30T22:56:28Z logger.go:66:                         }
TestTerraformCompleteExample 2022-07-30T22:56:28Z logger.go:66:                     }
TestTerraformCompleteExample 2022-07-30T22:56:28Z logger.go:66:                   + schemaRegistry = {
TestTerraformCompleteExample 2022-07-30T22:56:28Z logger.go:66:                       + authentication = {
TestTerraformCompleteExample 2022-07-30T22:56:28Z logger.go:66:                           + basic = {
TestTerraformCompleteExample 2022-07-30T22:56:28Z logger.go:66:                               + debug                    = (known after apply)
TestTerraformCompleteExample 2022-07-30T22:56:28Z logger.go:66:                               + directoryPathInContainer = (known after apply)
TestTerraformCompleteExample 2022-07-30T22:56:28Z logger.go:66:                               + restrictedRoles          = (known after apply)
TestTerraformCompleteExample 2022-07-30T22:56:28Z logger.go:66:                               + roles                    = (known after apply)
TestTerraformCompleteExample 2022-07-30T22:56:28Z logger.go:66:                               + secretRef                = (known after apply)
TestTerraformCompleteExample 2022-07-30T22:56:28Z logger.go:66:                             }
TestTerraformCompleteExample 2022-07-30T22:56:28Z logger.go:66:                           + type  = (known after apply)
TestTerraformCompleteExample 2022-07-30T22:56:28Z logger.go:66:                         }
TestTerraformCompleteExample 2022-07-30T22:56:28Z logger.go:66:                       + tls            = {
TestTerraformCompleteExample 2022-07-30T22:56:28Z logger.go:66:                           + directoryPathInContainer = (known after apply)
TestTerraformCompleteExample 2022-07-30T22:56:28Z logger.go:66:                           + enabled                  = (known after apply)
TestTerraformCompleteExample 2022-07-30T22:56:28Z logger.go:66:                           + ignoreTrustStoreConfig   = (known after apply)
TestTerraformCompleteExample 2022-07-30T22:56:28Z logger.go:66:                           + jksPassword              = {
TestTerraformCompleteExample 2022-07-30T22:56:28Z logger.go:66:                               + secretRef = (known after apply)
TestTerraformCompleteExample 2022-07-30T22:56:28Z logger.go:66:                             }
TestTerraformCompleteExample 2022-07-30T22:56:28Z logger.go:66:                           + secretRef                = (known after apply)
TestTerraformCompleteExample 2022-07-30T22:56:28Z logger.go:66:                         }
TestTerraformCompleteExample 2022-07-30T22:56:28Z logger.go:66:                       + url            = (known after apply)
TestTerraformCompleteExample 2022-07-30T22:56:28Z logger.go:66:                     }
TestTerraformCompleteExample 2022-07-30T22:56:28Z logger.go:66:                 }
TestTerraformCompleteExample 2022-07-30T22:56:28Z logger.go:66:               + externalAccess                 = {
TestTerraformCompleteExample 2022-07-30T22:56:28Z logger.go:66:                   + loadBalancer = {
TestTerraformCompleteExample 2022-07-30T22:56:28Z logger.go:66:                       + advertisedURL            = {
TestTerraformCompleteExample 2022-07-30T22:56:28Z logger.go:66:                           + enabled = (known after apply)
TestTerraformCompleteExample 2022-07-30T22:56:28Z logger.go:66:                           + prefix  = (known after apply)
TestTerraformCompleteExample 2022-07-30T22:56:28Z logger.go:66:                         }
TestTerraformCompleteExample 2022-07-30T22:56:28Z logger.go:66:                       + annotations              = (known after apply)
TestTerraformCompleteExample 2022-07-30T22:56:28Z logger.go:66:                       + domain                   = (known after apply)
TestTerraformCompleteExample 2022-07-30T22:56:28Z logger.go:66:                       + externalTrafficPolicy    = (known after apply)
TestTerraformCompleteExample 2022-07-30T22:56:28Z logger.go:66:                       + labels                   = (known after apply)
TestTerraformCompleteExample 2022-07-30T22:56:28Z logger.go:66:                       + loadBalancerSourceRanges = (known after apply)
TestTerraformCompleteExample 2022-07-30T22:56:28Z logger.go:66:                       + port                     = (known after apply)
TestTerraformCompleteExample 2022-07-30T22:56:28Z logger.go:66:                       + prefix                   = (known after apply)
TestTerraformCompleteExample 2022-07-30T22:56:28Z logger.go:66:                       + servicePorts             = (known after apply)
TestTerraformCompleteExample 2022-07-30T22:56:28Z logger.go:66:                       + sessionAffinity          = (known after apply)
TestTerraformCompleteExample 2022-07-30T22:56:28Z logger.go:66:                       + sessionAffinityConfig    = {
TestTerraformCompleteExample 2022-07-30T22:56:28Z logger.go:66:                           + clientIP = {
TestTerraformCompleteExample 2022-07-30T22:56:28Z logger.go:66:                               + timeoutSeconds = (known after apply)
TestTerraformCompleteExample 2022-07-30T22:56:28Z logger.go:66:                             }
TestTerraformCompleteExample 2022-07-30T22:56:28Z logger.go:66:                         }
TestTerraformCompleteExample 2022-07-30T22:56:28Z logger.go:66:                     }
TestTerraformCompleteExample 2022-07-30T22:56:28Z logger.go:66:                   + nodePort     = {
TestTerraformCompleteExample 2022-07-30T22:56:28Z logger.go:66:                       + advertisedURL         = {
TestTerraformCompleteExample 2022-07-30T22:56:28Z logger.go:66:                           + enabled = (known after apply)
TestTerraformCompleteExample 2022-07-30T22:56:28Z logger.go:66:                           + prefix  = (known after apply)
TestTerraformCompleteExample 2022-07-30T22:56:28Z logger.go:66:                         }
TestTerraformCompleteExample 2022-07-30T22:56:28Z logger.go:66:                       + annotations           = (known after apply)
TestTerraformCompleteExample 2022-07-30T22:56:28Z logger.go:66:                       + externalTrafficPolicy = (known after apply)
TestTerraformCompleteExample 2022-07-30T22:56:28Z logger.go:66:                       + host                  = (known after apply)
TestTerraformCompleteExample 2022-07-30T22:56:28Z logger.go:66:                       + labels                = (known after apply)
TestTerraformCompleteExample 2022-07-30T22:56:28Z logger.go:66:                       + nodePortOffset        = (known after apply)
TestTerraformCompleteExample 2022-07-30T22:56:28Z logger.go:66:                       + servicePorts          = (known after apply)
TestTerraformCompleteExample 2022-07-30T22:56:28Z logger.go:66:                       + sessionAffinity       = (known after apply)
TestTerraformCompleteExample 2022-07-30T22:56:28Z logger.go:66:                       + sessionAffinityConfig = {
TestTerraformCompleteExample 2022-07-30T22:56:28Z logger.go:66:                           + clientIP = {
TestTerraformCompleteExample 2022-07-30T22:56:28Z logger.go:66:                               + timeoutSeconds = (known after apply)
TestTerraformCompleteExample 2022-07-30T22:56:28Z logger.go:66:                             }
TestTerraformCompleteExample 2022-07-30T22:56:28Z logger.go:66:                         }
TestTerraformCompleteExample 2022-07-30T22:56:28Z logger.go:66:                     }
TestTerraformCompleteExample 2022-07-30T22:56:28Z logger.go:66:                   + route        = {
TestTerraformCompleteExample 2022-07-30T22:56:28Z logger.go:66:                       + annotations    = (known after apply)
TestTerraformCompleteExample 2022-07-30T22:56:28Z logger.go:66:                       + domain         = (known after apply)
TestTerraformCompleteExample 2022-07-30T22:56:28Z logger.go:66:                       + labels         = (known after apply)
TestTerraformCompleteExample 2022-07-30T22:56:28Z logger.go:66:                       + prefix         = (known after apply)
TestTerraformCompleteExample 2022-07-30T22:56:28Z logger.go:66:                       + wildcardPolicy = (known after apply)
TestTerraformCompleteExample 2022-07-30T22:56:28Z logger.go:66:                     }
TestTerraformCompleteExample 2022-07-30T22:56:28Z logger.go:66:                   + type         = (known after apply)
TestTerraformCompleteExample 2022-07-30T22:56:28Z logger.go:66:                 }
TestTerraformCompleteExample 2022-07-30T22:56:28Z logger.go:66:               + headlessService                = {
TestTerraformCompleteExample 2022-07-30T22:56:28Z logger.go:66:                   + annotations              = (known after apply)
TestTerraformCompleteExample 2022-07-30T22:56:28Z logger.go:66:                   + labels                   = (known after apply)
TestTerraformCompleteExample 2022-07-30T22:56:28Z logger.go:66:                   + publishNotReadyAddresses = (known after apply)
TestTerraformCompleteExample 2022-07-30T22:56:28Z logger.go:66:                 }
TestTerraformCompleteExample 2022-07-30T22:56:28Z logger.go:66:               + image                          = {
TestTerraformCompleteExample 2022-07-30T22:56:28Z logger.go:66:                   + application   = "confluentinc/cp-ksqldb-server:7.2.0"
TestTerraformCompleteExample 2022-07-30T22:56:28Z logger.go:66:                   + init          = "confluentinc/confluent-init-container:2.4.0"
TestTerraformCompleteExample 2022-07-30T22:56:28Z logger.go:66:                   + pullPolicy    = (known after apply)
TestTerraformCompleteExample 2022-07-30T22:56:28Z logger.go:66:                   + pullSecretRef = (known after apply)
TestTerraformCompleteExample 2022-07-30T22:56:28Z logger.go:66:                 }
TestTerraformCompleteExample 2022-07-30T22:56:28Z logger.go:66:               + injectAnnotations              = (known after apply)
TestTerraformCompleteExample 2022-07-30T22:56:28Z logger.go:66:               + injectLabels                   = (known after apply)
TestTerraformCompleteExample 2022-07-30T22:56:28Z logger.go:66:               + internalTopicReplicationFactor = (known after apply)
TestTerraformCompleteExample 2022-07-30T22:56:28Z logger.go:66:               + k8sClusterDomain               = (known after apply)
TestTerraformCompleteExample 2022-07-30T22:56:28Z logger.go:66:               + license                        = {
TestTerraformCompleteExample 2022-07-30T22:56:28Z logger.go:66:                   + directoryPathInContainer = (known after apply)
TestTerraformCompleteExample 2022-07-30T22:56:28Z logger.go:66:                   + globalLicense            = (known after apply)
TestTerraformCompleteExample 2022-07-30T22:56:28Z logger.go:66:                   + secretRef                = (known after apply)
TestTerraformCompleteExample 2022-07-30T22:56:28Z logger.go:66:                 }
TestTerraformCompleteExample 2022-07-30T22:56:28Z logger.go:66:               + metrics                        = {
TestTerraformCompleteExample 2022-07-30T22:56:28Z logger.go:66:                   + authentication = {
TestTerraformCompleteExample 2022-07-30T22:56:28Z logger.go:66:                       + type = (known after apply)
TestTerraformCompleteExample 2022-07-30T22:56:28Z logger.go:66:                     }
TestTerraformCompleteExample 2022-07-30T22:56:28Z logger.go:66:                   + prometheus     = {
TestTerraformCompleteExample 2022-07-30T22:56:28Z logger.go:66:                       + blacklist = (known after apply)
TestTerraformCompleteExample 2022-07-30T22:56:28Z logger.go:66:                       + rules     = (known after apply)
TestTerraformCompleteExample 2022-07-30T22:56:28Z logger.go:66:                       + whitelist = (known after apply)
TestTerraformCompleteExample 2022-07-30T22:56:28Z logger.go:66:                     }
TestTerraformCompleteExample 2022-07-30T22:56:28Z logger.go:66:                   + tls            = {
TestTerraformCompleteExample 2022-07-30T22:56:28Z logger.go:66:                       + directoryPathInContainer = (known after apply)
TestTerraformCompleteExample 2022-07-30T22:56:28Z logger.go:66:                       + enabled                  = (known after apply)
TestTerraformCompleteExample 2022-07-30T22:56:28Z logger.go:66:                       + ignoreTrustStoreConfig   = (known after apply)
TestTerraformCompleteExample 2022-07-30T22:56:28Z logger.go:66:                       + jksPassword              = {
TestTerraformCompleteExample 2022-07-30T22:56:28Z logger.go:66:                           + secretRef = (known after apply)
TestTerraformCompleteExample 2022-07-30T22:56:28Z logger.go:66:                         }
TestTerraformCompleteExample 2022-07-30T22:56:28Z logger.go:66:                       + secretRef                = (known after apply)
TestTerraformCompleteExample 2022-07-30T22:56:28Z logger.go:66:                     }
TestTerraformCompleteExample 2022-07-30T22:56:28Z logger.go:66:                 }
TestTerraformCompleteExample 2022-07-30T22:56:28Z logger.go:66:               + mountedSecrets                 = (known after apply)
TestTerraformCompleteExample 2022-07-30T22:56:28Z logger.go:66:               + mountedVolumes                 = {
TestTerraformCompleteExample 2022-07-30T22:56:28Z logger.go:66:                   + volumeMounts = (known after apply)
TestTerraformCompleteExample 2022-07-30T22:56:28Z logger.go:66:                   + volumes      = (known after apply)
TestTerraformCompleteExample 2022-07-30T22:56:28Z logger.go:66:                 }
TestTerraformCompleteExample 2022-07-30T22:56:28Z logger.go:66:               + oneReplicaPerNode              = (known after apply)
TestTerraformCompleteExample 2022-07-30T22:56:28Z logger.go:66:               + podTemplate                    = {
TestTerraformCompleteExample 2022-07-30T22:56:28Z logger.go:66:                   + affinity                      = {
TestTerraformCompleteExample 2022-07-30T22:56:28Z logger.go:66:                       + nodeAffinity    = {
TestTerraformCompleteExample 2022-07-30T22:56:28Z logger.go:66:                           + preferredDuringSchedulingIgnoredDuringExecution = (known after apply)
TestTerraformCompleteExample 2022-07-30T22:56:28Z logger.go:66:                           + requiredDuringSchedulingIgnoredDuringExecution  = {
TestTerraformCompleteExample 2022-07-30T22:56:28Z logger.go:66:                               + nodeSelectorTerms = (known after apply)
TestTerraformCompleteExample 2022-07-30T22:56:28Z logger.go:66:                             }
TestTerraformCompleteExample 2022-07-30T22:56:28Z logger.go:66:                         }
TestTerraformCompleteExample 2022-07-30T22:56:28Z logger.go:66:                       + podAffinity     = {
TestTerraformCompleteExample 2022-07-30T22:56:28Z logger.go:66:                           + preferredDuringSchedulingIgnoredDuringExecution = (known after apply)
TestTerraformCompleteExample 2022-07-30T22:56:28Z logger.go:66:                           + requiredDuringSchedulingIgnoredDuringExecution  = (known after apply)
TestTerraformCompleteExample 2022-07-30T22:56:28Z logger.go:66:                         }
TestTerraformCompleteExample 2022-07-30T22:56:28Z logger.go:66:                       + podAntiAffinity = {
TestTerraformCompleteExample 2022-07-30T22:56:28Z logger.go:66:                           + preferredDuringSchedulingIgnoredDuringExecution = (known after apply)
TestTerraformCompleteExample 2022-07-30T22:56:28Z logger.go:66:                           + requiredDuringSchedulingIgnoredDuringExecution  = (known after apply)
TestTerraformCompleteExample 2022-07-30T22:56:28Z logger.go:66:                         }
TestTerraformCompleteExample 2022-07-30T22:56:29Z logger.go:66:                     }
TestTerraformCompleteExample 2022-07-30T22:56:29Z logger.go:66:                   + annotations                   = (known after apply)
TestTerraformCompleteExample 2022-07-30T22:56:29Z logger.go:66:                   + envVars                       = (known after apply)
TestTerraformCompleteExample 2022-07-30T22:56:29Z logger.go:66:                   + labels                        = (known after apply)
TestTerraformCompleteExample 2022-07-30T22:56:29Z logger.go:66:                   + podSecurityContext            = {
TestTerraformCompleteExample 2022-07-30T22:56:29Z logger.go:66:                       + fsGroup             = (known after apply)
TestTerraformCompleteExample 2022-07-30T22:56:29Z logger.go:66:                       + fsGroupChangePolicy = (known after apply)
TestTerraformCompleteExample 2022-07-30T22:56:29Z logger.go:66:                       + runAsGroup          = (known after apply)
TestTerraformCompleteExample 2022-07-30T22:56:29Z logger.go:66:                       + runAsNonRoot        = (known after apply)
TestTerraformCompleteExample 2022-07-30T22:56:29Z logger.go:66:                       + runAsUser           = (known after apply)
TestTerraformCompleteExample 2022-07-30T22:56:29Z logger.go:66:                       + seLinuxOptions      = {
TestTerraformCompleteExample 2022-07-30T22:56:29Z logger.go:66:                           + level = (known after apply)
TestTerraformCompleteExample 2022-07-30T22:56:29Z logger.go:66:                           + role  = (known after apply)
TestTerraformCompleteExample 2022-07-30T22:56:29Z logger.go:66:                           + type  = (known after apply)
TestTerraformCompleteExample 2022-07-30T22:56:29Z logger.go:66:                           + user  = (known after apply)
TestTerraformCompleteExample 2022-07-30T22:56:29Z logger.go:66:                         }
TestTerraformCompleteExample 2022-07-30T22:56:29Z logger.go:66:                       + seccompProfile      = {
TestTerraformCompleteExample 2022-07-30T22:56:29Z logger.go:66:                           + localhostProfile = (known after apply)
TestTerraformCompleteExample 2022-07-30T22:56:29Z logger.go:66:                           + type             = (known after apply)
TestTerraformCompleteExample 2022-07-30T22:56:29Z logger.go:66:                         }
TestTerraformCompleteExample 2022-07-30T22:56:29Z logger.go:66:                       + supplementalGroups  = (known after apply)
TestTerraformCompleteExample 2022-07-30T22:56:29Z logger.go:66:                       + sysctls             = (known after apply)
TestTerraformCompleteExample 2022-07-30T22:56:29Z logger.go:66:                       + windowsOptions      = {
TestTerraformCompleteExample 2022-07-30T22:56:29Z logger.go:66:                           + gmsaCredentialSpec     = (known after apply)
TestTerraformCompleteExample 2022-07-30T22:56:29Z logger.go:66:                           + gmsaCredentialSpecName = (known after apply)
TestTerraformCompleteExample 2022-07-30T22:56:29Z logger.go:66:                           + hostProcess            = (known after apply)
TestTerraformCompleteExample 2022-07-30T22:56:29Z logger.go:66:                           + runAsUserName          = (known after apply)
TestTerraformCompleteExample 2022-07-30T22:56:29Z logger.go:66:                         }
TestTerraformCompleteExample 2022-07-30T22:56:29Z logger.go:66:                     }
TestTerraformCompleteExample 2022-07-30T22:56:29Z logger.go:66:                   + priorityClassName             = (known after apply)
TestTerraformCompleteExample 2022-07-30T22:56:29Z logger.go:66:                   + probe                         = {
TestTerraformCompleteExample 2022-07-30T22:56:29Z logger.go:66:                       + liveness  = {
TestTerraformCompleteExample 2022-07-30T22:56:29Z logger.go:66:                           + failureThreshold    = (known after apply)
TestTerraformCompleteExample 2022-07-30T22:56:29Z logger.go:66:                           + initialDelaySeconds = (known after apply)
TestTerraformCompleteExample 2022-07-30T22:56:29Z logger.go:66:                           + periodSeconds       = (known after apply)
TestTerraformCompleteExample 2022-07-30T22:56:29Z logger.go:66:                           + successThreshold    = (known after apply)
TestTerraformCompleteExample 2022-07-30T22:56:29Z logger.go:66:                           + timeoutSeconds      = (known after apply)
TestTerraformCompleteExample 2022-07-30T22:56:29Z logger.go:66:                         }
TestTerraformCompleteExample 2022-07-30T22:56:29Z logger.go:66:                       + readiness = {
TestTerraformCompleteExample 2022-07-30T22:56:29Z logger.go:66:                           + failureThreshold    = (known after apply)
TestTerraformCompleteExample 2022-07-30T22:56:29Z logger.go:66:                           + initialDelaySeconds = (known after apply)
TestTerraformCompleteExample 2022-07-30T22:56:29Z logger.go:66:                           + periodSeconds       = (known after apply)
TestTerraformCompleteExample 2022-07-30T22:56:29Z logger.go:66:                           + successThreshold    = (known after apply)
TestTerraformCompleteExample 2022-07-30T22:56:29Z logger.go:66:                           + timeoutSeconds      = (known after apply)
TestTerraformCompleteExample 2022-07-30T22:56:29Z logger.go:66:                         }
TestTerraformCompleteExample 2022-07-30T22:56:29Z logger.go:66:                     }
TestTerraformCompleteExample 2022-07-30T22:56:29Z logger.go:66:                   + resources                     = {
TestTerraformCompleteExample 2022-07-30T22:56:29Z logger.go:66:                       + limits   = (known after apply)
TestTerraformCompleteExample 2022-07-30T22:56:29Z logger.go:66:                       + requests = (known after apply)
TestTerraformCompleteExample 2022-07-30T22:56:29Z logger.go:66:                     }
TestTerraformCompleteExample 2022-07-30T22:56:29Z logger.go:66:                   + securityContext               = {
TestTerraformCompleteExample 2022-07-30T22:56:29Z logger.go:66:                       + allowPrivilegeEscalation = (known after apply)
TestTerraformCompleteExample 2022-07-30T22:56:29Z logger.go:66:                       + capabilities             = {
TestTerraformCompleteExample 2022-07-30T22:56:29Z logger.go:66:                           + add  = (known after apply)
TestTerraformCompleteExample 2022-07-30T22:56:29Z logger.go:66:                           + drop = (known after apply)
TestTerraformCompleteExample 2022-07-30T22:56:29Z logger.go:66:                         }
TestTerraformCompleteExample 2022-07-30T22:56:29Z logger.go:66:                       + privileged               = (known after apply)
TestTerraformCompleteExample 2022-07-30T22:56:29Z logger.go:66:                       + procMount                = (known after apply)
TestTerraformCompleteExample 2022-07-30T22:56:29Z logger.go:66:                       + readOnlyRootFilesystem   = (known after apply)
TestTerraformCompleteExample 2022-07-30T22:56:29Z logger.go:66:                       + runAsGroup               = (known after apply)
TestTerraformCompleteExample 2022-07-30T22:56:29Z logger.go:66:                       + runAsNonRoot             = (known after apply)
TestTerraformCompleteExample 2022-07-30T22:56:29Z logger.go:66:                       + runAsUser                = (known after apply)
TestTerraformCompleteExample 2022-07-30T22:56:29Z logger.go:66:                       + seLinuxOptions           = {
TestTerraformCompleteExample 2022-07-30T22:56:29Z logger.go:66:                           + level = (known after apply)
TestTerraformCompleteExample 2022-07-30T22:56:29Z logger.go:66:                           + role  = (known after apply)
TestTerraformCompleteExample 2022-07-30T22:56:29Z logger.go:66:                           + type  = (known after apply)
TestTerraformCompleteExample 2022-07-30T22:56:29Z logger.go:66:                           + user  = (known after apply)
TestTerraformCompleteExample 2022-07-30T22:56:29Z logger.go:66:                         }
TestTerraformCompleteExample 2022-07-30T22:56:29Z logger.go:66:                       + seccompProfile           = {
TestTerraformCompleteExample 2022-07-30T22:56:29Z logger.go:66:                           + localhostProfile = (known after apply)
TestTerraformCompleteExample 2022-07-30T22:56:29Z logger.go:66:                           + type             = (known after apply)
TestTerraformCompleteExample 2022-07-30T22:56:29Z logger.go:66:                         }
TestTerraformCompleteExample 2022-07-30T22:56:29Z logger.go:66:                       + windowsOptions           = {
TestTerraformCompleteExample 2022-07-30T22:56:29Z logger.go:66:                           + gmsaCredentialSpec     = (known after apply)
TestTerraformCompleteExample 2022-07-30T22:56:29Z logger.go:66:                           + gmsaCredentialSpecName = (known after apply)
TestTerraformCompleteExample 2022-07-30T22:56:29Z logger.go:66:                           + hostProcess            = (known after apply)
TestTerraformCompleteExample 2022-07-30T22:56:29Z logger.go:66:                           + runAsUserName          = (known after apply)
TestTerraformCompleteExample 2022-07-30T22:56:29Z logger.go:66:                         }
TestTerraformCompleteExample 2022-07-30T22:56:29Z logger.go:66:                     }
TestTerraformCompleteExample 2022-07-30T22:56:29Z logger.go:66:                   + serviceAccountName            = (known after apply)
TestTerraformCompleteExample 2022-07-30T22:56:29Z logger.go:66:                   + terminationGracePeriodSeconds = (known after apply)
TestTerraformCompleteExample 2022-07-30T22:56:29Z logger.go:66:                   + tolerations                   = (known after apply)
TestTerraformCompleteExample 2022-07-30T22:56:29Z logger.go:66:                   + topologySpreadConstraints     = (known after apply)
TestTerraformCompleteExample 2022-07-30T22:56:29Z logger.go:66:                 }
TestTerraformCompleteExample 2022-07-30T22:56:29Z logger.go:66:               + replicas                       = 1
TestTerraformCompleteExample 2022-07-30T22:56:29Z logger.go:66:               + storageClass                   = {
TestTerraformCompleteExample 2022-07-30T22:56:29Z logger.go:66:                   + name = (known after apply)
TestTerraformCompleteExample 2022-07-30T22:56:29Z logger.go:66:                 }
TestTerraformCompleteExample 2022-07-30T22:56:29Z logger.go:66:               + telemetry                      = {
TestTerraformCompleteExample 2022-07-30T22:56:29Z logger.go:66:                   + global = (known after apply)
TestTerraformCompleteExample 2022-07-30T22:56:29Z logger.go:66:                 }
TestTerraformCompleteExample 2022-07-30T22:56:29Z logger.go:66:               + tls                            = {
TestTerraformCompleteExample 2022-07-30T22:56:29Z logger.go:66:                   + autoGeneratedCerts       = (known after apply)
TestTerraformCompleteExample 2022-07-30T22:56:29Z logger.go:66:                   + directoryPathInContainer = (known after apply)
TestTerraformCompleteExample 2022-07-30T22:56:29Z logger.go:66:                   + ignoreTrustStoreConfig   = (known after apply)
TestTerraformCompleteExample 2022-07-30T22:56:29Z logger.go:66:                   + jksPassword              = {
TestTerraformCompleteExample 2022-07-30T22:56:29Z logger.go:66:                       + secretRef = (known after apply)
TestTerraformCompleteExample 2022-07-30T22:56:29Z logger.go:66:                     }
TestTerraformCompleteExample 2022-07-30T22:56:29Z logger.go:66:                   + secretRef                = (known after apply)
TestTerraformCompleteExample 2022-07-30T22:56:29Z logger.go:66:                 }
TestTerraformCompleteExample 2022-07-30T22:56:29Z logger.go:66:             }
TestTerraformCompleteExample 2022-07-30T22:56:29Z logger.go:66:         }
TestTerraformCompleteExample 2022-07-30T22:56:29Z logger.go:66:
TestTerraformCompleteExample 2022-07-30T22:56:29Z logger.go:66:       + timeouts {
TestTerraformCompleteExample 2022-07-30T22:56:29Z logger.go:66:           + create = "1h"
TestTerraformCompleteExample 2022-07-30T22:56:29Z logger.go:66:           + delete = "10m"
TestTerraformCompleteExample 2022-07-30T22:56:29Z logger.go:66:           + update = "1h"
TestTerraformCompleteExample 2022-07-30T22:56:29Z logger.go:66:         }
TestTerraformCompleteExample 2022-07-30T22:56:29Z logger.go:66:
TestTerraformCompleteExample 2022-07-30T22:56:29Z logger.go:66:       + wait {
TestTerraformCompleteExample 2022-07-30T22:56:29Z logger.go:66:           + fields = {
TestTerraformCompleteExample 2022-07-30T22:56:29Z logger.go:66:               + "status.phase" = "RUNNING"
TestTerraformCompleteExample 2022-07-30T22:56:29Z logger.go:66:             }
TestTerraformCompleteExample 2022-07-30T22:56:29Z logger.go:66:         }
TestTerraformCompleteExample 2022-07-30T22:56:29Z logger.go:66:     }
TestTerraformCompleteExample 2022-07-30T22:56:29Z logger.go:66:
TestTerraformCompleteExample 2022-07-30T22:56:29Z logger.go:66:   # module.confluent_platform.kubernetes_manifest.component["schemaregistry"] will be created
TestTerraformCompleteExample 2022-07-30T22:56:29Z logger.go:66:   + resource "kubernetes_manifest" "component" {
TestTerraformCompleteExample 2022-07-30T22:56:29Z logger.go:66:       + computed_fields = [
TestTerraformCompleteExample 2022-07-30T22:56:29Z logger.go:66:           + "metadata.finalizers",
TestTerraformCompleteExample 2022-07-30T22:56:29Z logger.go:66:         ]
TestTerraformCompleteExample 2022-07-30T22:56:29Z logger.go:66:       + manifest        = {
TestTerraformCompleteExample 2022-07-30T22:56:29Z logger.go:66:           + apiVersion = "platform.confluent.io/v1beta1"
TestTerraformCompleteExample 2022-07-30T22:56:29Z logger.go:66:           + kind       = "SchemaRegistry"
TestTerraformCompleteExample 2022-07-30T22:56:29Z logger.go:66:           + metadata   = {
TestTerraformCompleteExample 2022-07-30T22:56:29Z logger.go:66:               + name      = "schemaregistry"
TestTerraformCompleteExample 2022-07-30T22:56:29Z logger.go:66:               + namespace = "confluent"
TestTerraformCompleteExample 2022-07-30T22:56:29Z logger.go:66:             }
TestTerraformCompleteExample 2022-07-30T22:56:29Z logger.go:66:           + spec       = {
TestTerraformCompleteExample 2022-07-30T22:56:29Z logger.go:66:               + image    = {
TestTerraformCompleteExample 2022-07-30T22:56:29Z logger.go:66:                   + application = "confluentinc/cp-schema-registry:7.2.0"
TestTerraformCompleteExample 2022-07-30T22:56:29Z logger.go:66:                   + init        = "confluentinc/confluent-init-container:2.4.0"
TestTerraformCompleteExample 2022-07-30T22:56:29Z logger.go:66:                 }
TestTerraformCompleteExample 2022-07-30T22:56:29Z logger.go:66:               + replicas = 3
TestTerraformCompleteExample 2022-07-30T22:56:29Z logger.go:66:             }
TestTerraformCompleteExample 2022-07-30T22:56:29Z logger.go:66:         }
TestTerraformCompleteExample 2022-07-30T22:56:29Z logger.go:66:       + object          = {
TestTerraformCompleteExample 2022-07-30T22:56:29Z logger.go:66:           + apiVersion = "platform.confluent.io/v1beta1"
TestTerraformCompleteExample 2022-07-30T22:56:29Z logger.go:66:           + kind       = "SchemaRegistry"
TestTerraformCompleteExample 2022-07-30T22:56:29Z logger.go:66:           + metadata   = {
TestTerraformCompleteExample 2022-07-30T22:56:29Z logger.go:66:               + annotations                = (known after apply)
TestTerraformCompleteExample 2022-07-30T22:56:29Z logger.go:66:               + clusterName                = (known after apply)
TestTerraformCompleteExample 2022-07-30T22:56:29Z logger.go:66:               + creationTimestamp          = (known after apply)
TestTerraformCompleteExample 2022-07-30T22:56:29Z logger.go:66:               + deletionGracePeriodSeconds = (known after apply)
TestTerraformCompleteExample 2022-07-30T22:56:29Z logger.go:66:               + deletionTimestamp          = (known after apply)
TestTerraformCompleteExample 2022-07-30T22:56:29Z logger.go:66:               + finalizers                 = (known after apply)
TestTerraformCompleteExample 2022-07-30T22:56:29Z logger.go:66:               + generateName               = (known after apply)
TestTerraformCompleteExample 2022-07-30T22:56:29Z logger.go:66:               + generation                 = (known after apply)
TestTerraformCompleteExample 2022-07-30T22:56:29Z logger.go:66:               + labels                     = (known after apply)
TestTerraformCompleteExample 2022-07-30T22:56:29Z logger.go:66:               + managedFields              = (known after apply)
TestTerraformCompleteExample 2022-07-30T22:56:29Z logger.go:66:               + name                       = "schemaregistry"
TestTerraformCompleteExample 2022-07-30T22:56:29Z logger.go:66:               + namespace                  = "confluent"
TestTerraformCompleteExample 2022-07-30T22:56:29Z logger.go:66:               + ownerReferences            = (known after apply)
TestTerraformCompleteExample 2022-07-30T22:56:29Z logger.go:66:               + resourceVersion            = (known after apply)
TestTerraformCompleteExample 2022-07-30T22:56:29Z logger.go:66:               + selfLink                   = (known after apply)
TestTerraformCompleteExample 2022-07-30T22:56:29Z logger.go:66:               + uid                        = (known after apply)
TestTerraformCompleteExample 2022-07-30T22:56:29Z logger.go:66:             }
TestTerraformCompleteExample 2022-07-30T22:56:29Z logger.go:66:           + spec       = {
TestTerraformCompleteExample 2022-07-30T22:56:29Z logger.go:66:               + authentication                = {
TestTerraformCompleteExample 2022-07-30T22:56:29Z logger.go:66:                   + basic = {
TestTerraformCompleteExample 2022-07-30T22:56:29Z logger.go:66:                       + debug                    = (known after apply)
TestTerraformCompleteExample 2022-07-30T22:56:29Z logger.go:66:                       + directoryPathInContainer = (known after apply)
TestTerraformCompleteExample 2022-07-30T22:56:29Z logger.go:66:                       + restrictedRoles          = (known after apply)
TestTerraformCompleteExample 2022-07-30T22:56:29Z logger.go:66:                       + roles                    = (known after apply)
TestTerraformCompleteExample 2022-07-30T22:56:29Z logger.go:66:                       + secretRef                = (known after apply)
TestTerraformCompleteExample 2022-07-30T22:56:29Z logger.go:66:                     }
TestTerraformCompleteExample 2022-07-30T22:56:29Z logger.go:66:                   + type  = (known after apply)
TestTerraformCompleteExample 2022-07-30T22:56:29Z logger.go:66:                 }
TestTerraformCompleteExample 2022-07-30T22:56:29Z logger.go:66:               + authorization                 = {
TestTerraformCompleteExample 2022-07-30T22:56:29Z logger.go:66:                   + kafkaRestClassRef = {
TestTerraformCompleteExample 2022-07-30T22:56:29Z logger.go:66:                       + name      = (known after apply)
TestTerraformCompleteExample 2022-07-30T22:56:29Z logger.go:66:                       + namespace = (known after apply)
TestTerraformCompleteExample 2022-07-30T22:56:29Z logger.go:66:                     }
TestTerraformCompleteExample 2022-07-30T22:56:29Z logger.go:66:                   + type              = (known after apply)
TestTerraformCompleteExample 2022-07-30T22:56:29Z logger.go:66:                 }
TestTerraformCompleteExample 2022-07-30T22:56:29Z logger.go:66:               + configOverrides               = {
TestTerraformCompleteExample 2022-07-30T22:56:29Z logger.go:66:                   + jvm    = (known after apply)
TestTerraformCompleteExample 2022-07-30T22:56:29Z logger.go:66:                   + log4j  = (known after apply)
TestTerraformCompleteExample 2022-07-30T22:56:29Z logger.go:66:                   + server = (known after apply)
TestTerraformCompleteExample 2022-07-30T22:56:29Z logger.go:66:                 }
TestTerraformCompleteExample 2022-07-30T22:56:29Z logger.go:66:               + dependencies                  = {
TestTerraformCompleteExample 2022-07-30T22:56:29Z logger.go:66:                   + kafka = {
TestTerraformCompleteExample 2022-07-30T22:56:29Z logger.go:66:                       + authentication    = {
TestTerraformCompleteExample 2022-07-30T22:56:29Z logger.go:66:                           + jaasConfig            = {
TestTerraformCompleteExample 2022-07-30T22:56:29Z logger.go:66:                               + secretRef = (known after apply)
TestTerraformCompleteExample 2022-07-30T22:56:29Z logger.go:66:                             }
TestTerraformCompleteExample 2022-07-30T22:56:29Z logger.go:66:                           + jaasConfigPassThrough = {
TestTerraformCompleteExample 2022-07-30T22:56:29Z logger.go:66:                               + directoryPathInContainer = (known after apply)
TestTerraformCompleteExample 2022-07-30T22:56:29Z logger.go:66:                               + secretRef                = (known after apply)
TestTerraformCompleteExample 2022-07-30T22:56:29Z logger.go:66:                             }
TestTerraformCompleteExample 2022-07-30T22:56:29Z logger.go:66:                           + oauthbearer           = {
TestTerraformCompleteExample 2022-07-30T22:56:29Z logger.go:66:                               + directoryPathInContainer = (known after apply)
TestTerraformCompleteExample 2022-07-30T22:56:29Z logger.go:66:                               + secretRef                = (known after apply)
TestTerraformCompleteExample 2022-07-30T22:56:29Z logger.go:66:                             }
TestTerraformCompleteExample 2022-07-30T22:56:29Z logger.go:66:                           + type                  = (known after apply)
TestTerraformCompleteExample 2022-07-30T22:56:29Z logger.go:66:                         }
TestTerraformCompleteExample 2022-07-30T22:56:29Z logger.go:66:                       + bootstrapEndpoint = (known after apply)
TestTerraformCompleteExample 2022-07-30T22:56:29Z logger.go:66:                       + discovery         = {
TestTerraformCompleteExample 2022-07-30T22:56:29Z logger.go:66:                           + name      = (known after apply)
TestTerraformCompleteExample 2022-07-30T22:56:29Z logger.go:66:                           + namespace = (known after apply)
TestTerraformCompleteExample 2022-07-30T22:56:29Z logger.go:66:                           + secretRef = (known after apply)
TestTerraformCompleteExample 2022-07-30T22:56:29Z logger.go:66:                         }
TestTerraformCompleteExample 2022-07-30T22:56:29Z logger.go:66:                       + tls               = {
TestTerraformCompleteExample 2022-07-30T22:56:29Z logger.go:66:                           + directoryPathInContainer = (known after apply)
TestTerraformCompleteExample 2022-07-30T22:56:29Z logger.go:66:                           + enabled                  = (known after apply)
TestTerraformCompleteExample 2022-07-30T22:56:29Z logger.go:66:                           + ignoreTrustStoreConfig   = (known after apply)
TestTerraformCompleteExample 2022-07-30T22:56:29Z logger.go:66:                           + jksPassword              = {
TestTerraformCompleteExample 2022-07-30T22:56:29Z logger.go:66:                               + secretRef = (known after apply)
TestTerraformCompleteExample 2022-07-30T22:56:29Z logger.go:66:                             }
TestTerraformCompleteExample 2022-07-30T22:56:29Z logger.go:66:                           + secretRef                = (known after apply)
TestTerraformCompleteExample 2022-07-30T22:56:29Z logger.go:66:                         }
TestTerraformCompleteExample 2022-07-30T22:56:29Z logger.go:66:                     }
TestTerraformCompleteExample 2022-07-30T22:56:29Z logger.go:66:                   + mds   = {
TestTerraformCompleteExample 2022-07-30T22:56:29Z logger.go:66:                       + authentication = {
TestTerraformCompleteExample 2022-07-30T22:56:29Z logger.go:66:                           + bearer = {
TestTerraformCompleteExample 2022-07-30T22:56:29Z logger.go:66:                               + directoryPathInContainer = (known after apply)
TestTerraformCompleteExample 2022-07-30T22:56:29Z logger.go:66:                               + secretRef                = (known after apply)
TestTerraformCompleteExample 2022-07-30T22:56:29Z logger.go:66:                             }
TestTerraformCompleteExample 2022-07-30T22:56:29Z logger.go:66:                           + type   = (known after apply)
TestTerraformCompleteExample 2022-07-30T22:56:29Z logger.go:66:                         }
TestTerraformCompleteExample 2022-07-30T22:56:29Z logger.go:66:                       + endpoint       = (known after apply)
TestTerraformCompleteExample 2022-07-30T22:56:29Z logger.go:66:                       + tls            = {
TestTerraformCompleteExample 2022-07-30T22:56:29Z logger.go:66:                           + directoryPathInContainer = (known after apply)
TestTerraformCompleteExample 2022-07-30T22:56:29Z logger.go:66:                           + enabled                  = (known after apply)
TestTerraformCompleteExample 2022-07-30T22:56:29Z logger.go:66:                           + ignoreTrustStoreConfig   = (known after apply)
TestTerraformCompleteExample 2022-07-30T22:56:29Z logger.go:66:                           + jksPassword              = {
TestTerraformCompleteExample 2022-07-30T22:56:29Z logger.go:66:                               + secretRef = (known after apply)
TestTerraformCompleteExample 2022-07-30T22:56:29Z logger.go:66:                             }
TestTerraformCompleteExample 2022-07-30T22:56:29Z logger.go:66:                           + secretRef                = (known after apply)
TestTerraformCompleteExample 2022-07-30T22:56:29Z logger.go:66:                         }
TestTerraformCompleteExample 2022-07-30T22:56:29Z logger.go:66:                       + tokenKeyPair   = {
TestTerraformCompleteExample 2022-07-30T22:56:29Z logger.go:66:                           + directoryPathInContainer = (known after apply)
TestTerraformCompleteExample 2022-07-30T22:56:29Z logger.go:66:                           + secretRef                = (known after apply)
TestTerraformCompleteExample 2022-07-30T22:56:29Z logger.go:66:                         }
TestTerraformCompleteExample 2022-07-30T22:56:29Z logger.go:66:                     }
TestTerraformCompleteExample 2022-07-30T22:56:29Z logger.go:66:                 }
TestTerraformCompleteExample 2022-07-30T22:56:29Z logger.go:66:               + enableSchemaExporter          = (known after apply)
TestTerraformCompleteExample 2022-07-30T22:56:29Z logger.go:66:               + externalAccess                = {
TestTerraformCompleteExample 2022-07-30T22:56:29Z logger.go:66:                   + loadBalancer = {
TestTerraformCompleteExample 2022-07-30T22:56:29Z logger.go:66:                       + advertisedURL            = {
TestTerraformCompleteExample 2022-07-30T22:56:29Z logger.go:66:                           + enabled = (known after apply)
TestTerraformCompleteExample 2022-07-30T22:56:29Z logger.go:66:                           + prefix  = (known after apply)
TestTerraformCompleteExample 2022-07-30T22:56:29Z logger.go:66:                         }
TestTerraformCompleteExample 2022-07-30T22:56:29Z logger.go:66:                       + annotations              = (known after apply)
TestTerraformCompleteExample 2022-07-30T22:56:29Z logger.go:66:                       + domain                   = (known after apply)
TestTerraformCompleteExample 2022-07-30T22:56:29Z logger.go:66:                       + externalTrafficPolicy    = (known after apply)
TestTerraformCompleteExample 2022-07-30T22:56:29Z logger.go:66:                       + labels                   = (known after apply)
TestTerraformCompleteExample 2022-07-30T22:56:29Z logger.go:66:                       + loadBalancerSourceRanges = (known after apply)
TestTerraformCompleteExample 2022-07-30T22:56:29Z logger.go:66:                       + port                     = (known after apply)
TestTerraformCompleteExample 2022-07-30T22:56:29Z logger.go:66:                       + prefix                   = (known after apply)
TestTerraformCompleteExample 2022-07-30T22:56:29Z logger.go:66:                       + servicePorts             = (known after apply)
TestTerraformCompleteExample 2022-07-30T22:56:29Z logger.go:66:                       + sessionAffinity          = (known after apply)
TestTerraformCompleteExample 2022-07-30T22:56:29Z logger.go:66:                       + sessionAffinityConfig    = {
TestTerraformCompleteExample 2022-07-30T22:56:29Z logger.go:66:                           + clientIP = {
TestTerraformCompleteExample 2022-07-30T22:56:29Z logger.go:66:                               + timeoutSeconds = (known after apply)
TestTerraformCompleteExample 2022-07-30T22:56:29Z logger.go:66:                             }
TestTerraformCompleteExample 2022-07-30T22:56:29Z logger.go:66:                         }
TestTerraformCompleteExample 2022-07-30T22:56:29Z logger.go:66:                     }
TestTerraformCompleteExample 2022-07-30T22:56:29Z logger.go:66:                   + nodePort     = {
TestTerraformCompleteExample 2022-07-30T22:56:29Z logger.go:66:                       + advertisedURL         = {
TestTerraformCompleteExample 2022-07-30T22:56:29Z logger.go:66:                           + enabled = (known after apply)
TestTerraformCompleteExample 2022-07-30T22:56:29Z logger.go:66:                           + prefix  = (known after apply)
TestTerraformCompleteExample 2022-07-30T22:56:29Z logger.go:66:                         }
TestTerraformCompleteExample 2022-07-30T22:56:29Z logger.go:66:                       + annotations           = (known after apply)
TestTerraformCompleteExample 2022-07-30T22:56:29Z logger.go:66:                       + externalTrafficPolicy = (known after apply)
TestTerraformCompleteExample 2022-07-30T22:56:29Z logger.go:66:                       + host                  = (known after apply)
TestTerraformCompleteExample 2022-07-30T22:56:29Z logger.go:66:                       + labels                = (known after apply)
TestTerraformCompleteExample 2022-07-30T22:56:29Z logger.go:66:                       + nodePortOffset        = (known after apply)
TestTerraformCompleteExample 2022-07-30T22:56:29Z logger.go:66:                       + servicePorts          = (known after apply)
TestTerraformCompleteExample 2022-07-30T22:56:29Z logger.go:66:                       + sessionAffinity       = (known after apply)
TestTerraformCompleteExample 2022-07-30T22:56:29Z logger.go:66:                       + sessionAffinityConfig = {
TestTerraformCompleteExample 2022-07-30T22:56:29Z logger.go:66:                           + clientIP = {
TestTerraformCompleteExample 2022-07-30T22:56:29Z logger.go:66:                               + timeoutSeconds = (known after apply)
TestTerraformCompleteExample 2022-07-30T22:56:29Z logger.go:66:                             }
TestTerraformCompleteExample 2022-07-30T22:56:29Z logger.go:66:                         }
TestTerraformCompleteExample 2022-07-30T22:56:29Z logger.go:66:                     }
TestTerraformCompleteExample 2022-07-30T22:56:29Z logger.go:66:                   + route        = {
TestTerraformCompleteExample 2022-07-30T22:56:29Z logger.go:66:                       + annotations    = (known after apply)
TestTerraformCompleteExample 2022-07-30T22:56:29Z logger.go:66:                       + domain         = (known after apply)
TestTerraformCompleteExample 2022-07-30T22:56:29Z logger.go:66:                       + labels         = (known after apply)
TestTerraformCompleteExample 2022-07-30T22:56:29Z logger.go:66:                       + prefix         = (known after apply)
TestTerraformCompleteExample 2022-07-30T22:56:29Z logger.go:66:                       + wildcardPolicy = (known after apply)
TestTerraformCompleteExample 2022-07-30T22:56:29Z logger.go:66:                     }
TestTerraformCompleteExample 2022-07-30T22:56:29Z logger.go:66:                   + type         = (known after apply)
TestTerraformCompleteExample 2022-07-30T22:56:29Z logger.go:66:                 }
TestTerraformCompleteExample 2022-07-30T22:56:29Z logger.go:66:               + headlessService               = {
TestTerraformCompleteExample 2022-07-30T22:56:29Z logger.go:66:                   + annotations              = (known after apply)
TestTerraformCompleteExample 2022-07-30T22:56:29Z logger.go:66:                   + labels                   = (known after apply)
TestTerraformCompleteExample 2022-07-30T22:56:29Z logger.go:66:                   + publishNotReadyAddresses = (known after apply)
TestTerraformCompleteExample 2022-07-30T22:56:29Z logger.go:66:                 }
TestTerraformCompleteExample 2022-07-30T22:56:29Z logger.go:66:               + image                         = {
TestTerraformCompleteExample 2022-07-30T22:56:29Z logger.go:66:                   + application   = "confluentinc/cp-schema-registry:7.2.0"
TestTerraformCompleteExample 2022-07-30T22:56:29Z logger.go:66:                   + init          = "confluentinc/confluent-init-container:2.4.0"
TestTerraformCompleteExample 2022-07-30T22:56:29Z logger.go:66:                   + pullPolicy    = (known after apply)
TestTerraformCompleteExample 2022-07-30T22:56:29Z logger.go:66:                   + pullSecretRef = (known after apply)
TestTerraformCompleteExample 2022-07-30T22:56:29Z logger.go:66:                 }
TestTerraformCompleteExample 2022-07-30T22:56:29Z logger.go:66:               + injectAnnotations             = (known after apply)
TestTerraformCompleteExample 2022-07-30T22:56:29Z logger.go:66:               + injectLabels                  = (known after apply)
TestTerraformCompleteExample 2022-07-30T22:56:29Z logger.go:66:               + internalTopicReplicatorFactor = (known after apply)
TestTerraformCompleteExample 2022-07-30T22:56:29Z logger.go:66:               + k8sClusterDomain              = (known after apply)
TestTerraformCompleteExample 2022-07-30T22:56:29Z logger.go:66:               + license                       = {
TestTerraformCompleteExample 2022-07-30T22:56:29Z logger.go:66:                   + directoryPathInContainer = (known after apply)
TestTerraformCompleteExample 2022-07-30T22:56:29Z logger.go:66:                   + globalLicense            = (known after apply)
TestTerraformCompleteExample 2022-07-30T22:56:29Z logger.go:66:                   + secretRef                = (known after apply)
TestTerraformCompleteExample 2022-07-30T22:56:29Z logger.go:66:                 }
TestTerraformCompleteExample 2022-07-30T22:56:29Z logger.go:66:               + metrics                       = {
TestTerraformCompleteExample 2022-07-30T22:56:29Z logger.go:66:                   + authentication = {
TestTerraformCompleteExample 2022-07-30T22:56:29Z logger.go:66:                       + type = (known after apply)
TestTerraformCompleteExample 2022-07-30T22:56:29Z logger.go:66:                     }
TestTerraformCompleteExample 2022-07-30T22:56:29Z logger.go:66:                   + prometheus     = {
TestTerraformCompleteExample 2022-07-30T22:56:29Z logger.go:66:                       + blacklist = (known after apply)
TestTerraformCompleteExample 2022-07-30T22:56:29Z logger.go:66:                       + rules     = (known after apply)
TestTerraformCompleteExample 2022-07-30T22:56:29Z logger.go:66:                       + whitelist = (known after apply)
TestTerraformCompleteExample 2022-07-30T22:56:29Z logger.go:66:                     }
TestTerraformCompleteExample 2022-07-30T22:56:29Z logger.go:66:                   + tls            = {
TestTerraformCompleteExample 2022-07-30T22:56:29Z logger.go:66:                       + directoryPathInContainer = (known after apply)
TestTerraformCompleteExample 2022-07-30T22:56:29Z logger.go:66:                       + enabled                  = (known after apply)
TestTerraformCompleteExample 2022-07-30T22:56:29Z logger.go:66:                       + ignoreTrustStoreConfig   = (known after apply)
TestTerraformCompleteExample 2022-07-30T22:56:29Z logger.go:66:                       + jksPassword              = {
TestTerraformCompleteExample 2022-07-30T22:56:29Z logger.go:66:                           + secretRef = (known after apply)
TestTerraformCompleteExample 2022-07-30T22:56:29Z logger.go:66:                         }
TestTerraformCompleteExample 2022-07-30T22:56:29Z logger.go:66:                       + secretRef                = (known after apply)
TestTerraformCompleteExample 2022-07-30T22:56:29Z logger.go:66:                     }
TestTerraformCompleteExample 2022-07-30T22:56:29Z logger.go:66:                 }
TestTerraformCompleteExample 2022-07-30T22:56:29Z logger.go:66:               + mountedSecrets                = (known after apply)
TestTerraformCompleteExample 2022-07-30T22:56:29Z logger.go:66:               + mountedVolumes                = {
TestTerraformCompleteExample 2022-07-30T22:56:29Z logger.go:66:                   + volumeMounts = (known after apply)
TestTerraformCompleteExample 2022-07-30T22:56:29Z logger.go:66:                   + volumes      = (known after apply)
TestTerraformCompleteExample 2022-07-30T22:56:29Z logger.go:66:                 }
TestTerraformCompleteExample 2022-07-30T22:56:29Z logger.go:66:               + oneReplicaPerNode             = (known after apply)
TestTerraformCompleteExample 2022-07-30T22:56:29Z logger.go:66:               + passwordEncoder               = {
TestTerraformCompleteExample 2022-07-30T22:56:29Z logger.go:66:                   + directoryPathInContainer = (known after apply)
TestTerraformCompleteExample 2022-07-30T22:56:29Z logger.go:66:                   + secretRef                = (known after apply)
TestTerraformCompleteExample 2022-07-30T22:56:29Z logger.go:66:                 }
TestTerraformCompleteExample 2022-07-30T22:56:29Z logger.go:66:               + podTemplate                   = {
TestTerraformCompleteExample 2022-07-30T22:56:29Z logger.go:66:                   + affinity                      = {
TestTerraformCompleteExample 2022-07-30T22:56:29Z logger.go:66:                       + nodeAffinity    = {
TestTerraformCompleteExample 2022-07-30T22:56:29Z logger.go:66:                           + preferredDuringSchedulingIgnoredDuringExecution = (known after apply)
TestTerraformCompleteExample 2022-07-30T22:56:29Z logger.go:66:                           + requiredDuringSchedulingIgnoredDuringExecution  = {
TestTerraformCompleteExample 2022-07-30T22:56:29Z logger.go:66:                               + nodeSelectorTerms = (known after apply)
TestTerraformCompleteExample 2022-07-30T22:56:29Z logger.go:66:                             }
TestTerraformCompleteExample 2022-07-30T22:56:29Z logger.go:66:                         }
TestTerraformCompleteExample 2022-07-30T22:56:29Z logger.go:66:                       + podAffinity     = {
TestTerraformCompleteExample 2022-07-30T22:56:29Z logger.go:66:                           + preferredDuringSchedulingIgnoredDuringExecution = (known after apply)
TestTerraformCompleteExample 2022-07-30T22:56:29Z logger.go:66:                           + requiredDuringSchedulingIgnoredDuringExecution  = (known after apply)
TestTerraformCompleteExample 2022-07-30T22:56:29Z logger.go:66:                         }
TestTerraformCompleteExample 2022-07-30T22:56:29Z logger.go:66:                       + podAntiAffinity = {
TestTerraformCompleteExample 2022-07-30T22:56:29Z logger.go:66:                           + preferredDuringSchedulingIgnoredDuringExecution = (known after apply)
TestTerraformCompleteExample 2022-07-30T22:56:29Z logger.go:66:                           + requiredDuringSchedulingIgnoredDuringExecution  = (known after apply)
TestTerraformCompleteExample 2022-07-30T22:56:29Z logger.go:66:                         }
TestTerraformCompleteExample 2022-07-30T22:56:29Z logger.go:66:                     }
TestTerraformCompleteExample 2022-07-30T22:56:29Z logger.go:66:                   + annotations                   = (known after apply)
TestTerraformCompleteExample 2022-07-30T22:56:29Z logger.go:66:                   + envVars                       = (known after apply)
TestTerraformCompleteExample 2022-07-30T22:56:29Z logger.go:66:                   + labels                        = (known after apply)
TestTerraformCompleteExample 2022-07-30T22:56:29Z logger.go:66:                   + podSecurityContext            = {
TestTerraformCompleteExample 2022-07-30T22:56:29Z logger.go:66:                       + fsGroup             = (known after apply)
TestTerraformCompleteExample 2022-07-30T22:56:29Z logger.go:66:                       + fsGroupChangePolicy = (known after apply)
TestTerraformCompleteExample 2022-07-30T22:56:29Z logger.go:66:                       + runAsGroup          = (known after apply)
TestTerraformCompleteExample 2022-07-30T22:56:29Z logger.go:66:                       + runAsNonRoot        = (known after apply)
TestTerraformCompleteExample 2022-07-30T22:56:29Z logger.go:66:                       + runAsUser           = (known after apply)
TestTerraformCompleteExample 2022-07-30T22:56:29Z logger.go:66:                       + seLinuxOptions      = {
TestTerraformCompleteExample 2022-07-30T22:56:29Z logger.go:66:                           + level = (known after apply)
TestTerraformCompleteExample 2022-07-30T22:56:29Z logger.go:66:                           + role  = (known after apply)
TestTerraformCompleteExample 2022-07-30T22:56:29Z logger.go:66:                           + type  = (known after apply)
TestTerraformCompleteExample 2022-07-30T22:56:29Z logger.go:66:                           + user  = (known after apply)
TestTerraformCompleteExample 2022-07-30T22:56:29Z logger.go:66:                         }
TestTerraformCompleteExample 2022-07-30T22:56:29Z logger.go:66:                       + seccompProfile      = {
TestTerraformCompleteExample 2022-07-30T22:56:29Z logger.go:66:                           + localhostProfile = (known after apply)
TestTerraformCompleteExample 2022-07-30T22:56:29Z logger.go:66:                           + type             = (known after apply)
TestTerraformCompleteExample 2022-07-30T22:56:29Z logger.go:66:                         }
TestTerraformCompleteExample 2022-07-30T22:56:29Z logger.go:66:                       + supplementalGroups  = (known after apply)
TestTerraformCompleteExample 2022-07-30T22:56:29Z logger.go:66:                       + sysctls             = (known after apply)
TestTerraformCompleteExample 2022-07-30T22:56:29Z logger.go:66:                       + windowsOptions      = {
TestTerraformCompleteExample 2022-07-30T22:56:29Z logger.go:66:                           + gmsaCredentialSpec     = (known after apply)
TestTerraformCompleteExample 2022-07-30T22:56:29Z logger.go:66:                           + gmsaCredentialSpecName = (known after apply)
TestTerraformCompleteExample 2022-07-30T22:56:29Z logger.go:66:                           + hostProcess            = (known after apply)
TestTerraformCompleteExample 2022-07-30T22:56:29Z logger.go:66:                           + runAsUserName          = (known after apply)
TestTerraformCompleteExample 2022-07-30T22:56:29Z logger.go:66:                         }
TestTerraformCompleteExample 2022-07-30T22:56:29Z logger.go:66:                     }
TestTerraformCompleteExample 2022-07-30T22:56:29Z logger.go:66:                   + priorityClassName             = (known after apply)
TestTerraformCompleteExample 2022-07-30T22:56:29Z logger.go:66:                   + probe                         = {
TestTerraformCompleteExample 2022-07-30T22:56:29Z logger.go:66:                       + liveness  = {
TestTerraformCompleteExample 2022-07-30T22:56:29Z logger.go:66:                           + failureThreshold    = (known after apply)
TestTerraformCompleteExample 2022-07-30T22:56:29Z logger.go:66:                           + initialDelaySeconds = (known after apply)
TestTerraformCompleteExample 2022-07-30T22:56:29Z logger.go:66:                           + periodSeconds       = (known after apply)
TestTerraformCompleteExample 2022-07-30T22:56:29Z logger.go:66:                           + successThreshold    = (known after apply)
TestTerraformCompleteExample 2022-07-30T22:56:29Z logger.go:66:                           + timeoutSeconds      = (known after apply)
TestTerraformCompleteExample 2022-07-30T22:56:29Z logger.go:66:                         }
TestTerraformCompleteExample 2022-07-30T22:56:29Z logger.go:66:                       + readiness = {
TestTerraformCompleteExample 2022-07-30T22:56:29Z logger.go:66:                           + failureThreshold    = (known after apply)
TestTerraformCompleteExample 2022-07-30T22:56:29Z logger.go:66:                           + initialDelaySeconds = (known after apply)
TestTerraformCompleteExample 2022-07-30T22:56:29Z logger.go:66:                           + periodSeconds       = (known after apply)
TestTerraformCompleteExample 2022-07-30T22:56:29Z logger.go:66:                           + successThreshold    = (known after apply)
TestTerraformCompleteExample 2022-07-30T22:56:29Z logger.go:66:                           + timeoutSeconds      = (known after apply)
TestTerraformCompleteExample 2022-07-30T22:56:29Z logger.go:66:                         }
TestTerraformCompleteExample 2022-07-30T22:56:29Z logger.go:66:                     }
TestTerraformCompleteExample 2022-07-30T22:56:29Z logger.go:66:                   + resources                     = {
TestTerraformCompleteExample 2022-07-30T22:56:29Z logger.go:66:                       + limits   = (known after apply)
TestTerraformCompleteExample 2022-07-30T22:56:29Z logger.go:66:                       + requests = (known after apply)
TestTerraformCompleteExample 2022-07-30T22:56:29Z logger.go:66:                     }
TestTerraformCompleteExample 2022-07-30T22:56:29Z logger.go:66:                   + securityContext               = {
TestTerraformCompleteExample 2022-07-30T22:56:29Z logger.go:66:                       + allowPrivilegeEscalation = (known after apply)
TestTerraformCompleteExample 2022-07-30T22:56:29Z logger.go:66:                       + capabilities             = {
TestTerraformCompleteExample 2022-07-30T22:56:29Z logger.go:66:                           + add  = (known after apply)
TestTerraformCompleteExample 2022-07-30T22:56:29Z logger.go:66:                           + drop = (known after apply)
TestTerraformCompleteExample 2022-07-30T22:56:29Z logger.go:66:                         }
TestTerraformCompleteExample 2022-07-30T22:56:29Z logger.go:66:                       + privileged               = (known after apply)
TestTerraformCompleteExample 2022-07-30T22:56:29Z logger.go:66:                       + procMount                = (known after apply)
TestTerraformCompleteExample 2022-07-30T22:56:29Z logger.go:66:                       + readOnlyRootFilesystem   = (known after apply)
TestTerraformCompleteExample 2022-07-30T22:56:29Z logger.go:66:                       + runAsGroup               = (known after apply)
TestTerraformCompleteExample 2022-07-30T22:56:29Z logger.go:66:                       + runAsNonRoot             = (known after apply)
TestTerraformCompleteExample 2022-07-30T22:56:29Z logger.go:66:                       + runAsUser                = (known after apply)
TestTerraformCompleteExample 2022-07-30T22:56:29Z logger.go:66:                       + seLinuxOptions           = {
TestTerraformCompleteExample 2022-07-30T22:56:29Z logger.go:66:                           + level = (known after apply)
TestTerraformCompleteExample 2022-07-30T22:56:29Z logger.go:66:                           + role  = (known after apply)
TestTerraformCompleteExample 2022-07-30T22:56:29Z logger.go:66:                           + type  = (known after apply)
TestTerraformCompleteExample 2022-07-30T22:56:29Z logger.go:66:                           + user  = (known after apply)
TestTerraformCompleteExample 2022-07-30T22:56:29Z logger.go:66:                         }
TestTerraformCompleteExample 2022-07-30T22:56:29Z logger.go:66:                       + seccompProfile           = {
TestTerraformCompleteExample 2022-07-30T22:56:29Z logger.go:66:                           + localhostProfile = (known after apply)
TestTerraformCompleteExample 2022-07-30T22:56:29Z logger.go:66:                           + type             = (known after apply)
TestTerraformCompleteExample 2022-07-30T22:56:29Z logger.go:66:                         }
TestTerraformCompleteExample 2022-07-30T22:56:29Z logger.go:66:                       + windowsOptions           = {
TestTerraformCompleteExample 2022-07-30T22:56:29Z logger.go:66:                           + gmsaCredentialSpec     = (known after apply)
TestTerraformCompleteExample 2022-07-30T22:56:29Z logger.go:66:                           + gmsaCredentialSpecName = (known after apply)
TestTerraformCompleteExample 2022-07-30T22:56:29Z logger.go:66:                           + hostProcess            = (known after apply)
TestTerraformCompleteExample 2022-07-30T22:56:29Z logger.go:66:                           + runAsUserName          = (known after apply)
TestTerraformCompleteExample 2022-07-30T22:56:29Z logger.go:66:                         }
TestTerraformCompleteExample 2022-07-30T22:56:29Z logger.go:66:                     }
TestTerraformCompleteExample 2022-07-30T22:56:29Z logger.go:66:                   + serviceAccountName            = (known after apply)
TestTerraformCompleteExample 2022-07-30T22:56:29Z logger.go:66:                   + terminationGracePeriodSeconds = (known after apply)
TestTerraformCompleteExample 2022-07-30T22:56:29Z logger.go:66:                   + tolerations                   = (known after apply)
TestTerraformCompleteExample 2022-07-30T22:56:29Z logger.go:66:                   + topologySpreadConstraints     = (known after apply)
TestTerraformCompleteExample 2022-07-30T22:56:29Z logger.go:66:                 }
TestTerraformCompleteExample 2022-07-30T22:56:29Z logger.go:66:               + replicas                      = 3
TestTerraformCompleteExample 2022-07-30T22:56:29Z logger.go:66:               + telemetry                     = {
TestTerraformCompleteExample 2022-07-30T22:56:29Z logger.go:66:                   + global = (known after apply)
TestTerraformCompleteExample 2022-07-30T22:56:29Z logger.go:66:                 }
TestTerraformCompleteExample 2022-07-30T22:56:29Z logger.go:66:               + tls                           = {
TestTerraformCompleteExample 2022-07-30T22:56:29Z logger.go:66:                   + autoGeneratedCerts       = (known after apply)
TestTerraformCompleteExample 2022-07-30T22:56:29Z logger.go:66:                   + directoryPathInContainer = (known after apply)
TestTerraformCompleteExample 2022-07-30T22:56:29Z logger.go:66:                   + ignoreTrustStoreConfig   = (known after apply)
TestTerraformCompleteExample 2022-07-30T22:56:29Z logger.go:66:                   + jksPassword              = {
TestTerraformCompleteExample 2022-07-30T22:56:29Z logger.go:66:                       + secretRef = (known after apply)
TestTerraformCompleteExample 2022-07-30T22:56:29Z logger.go:66:                     }
TestTerraformCompleteExample 2022-07-30T22:56:29Z logger.go:66:                   + secretRef                = (known after apply)
TestTerraformCompleteExample 2022-07-30T22:56:29Z logger.go:66:                 }
TestTerraformCompleteExample 2022-07-30T22:56:29Z logger.go:66:             }
TestTerraformCompleteExample 2022-07-30T22:56:29Z logger.go:66:         }
TestTerraformCompleteExample 2022-07-30T22:56:29Z logger.go:66:
TestTerraformCompleteExample 2022-07-30T22:56:29Z logger.go:66:       + timeouts {
TestTerraformCompleteExample 2022-07-30T22:56:29Z logger.go:66:           + create = "1h"
TestTerraformCompleteExample 2022-07-30T22:56:29Z logger.go:66:           + delete = "10m"
TestTerraformCompleteExample 2022-07-30T22:56:29Z logger.go:66:           + update = "1h"
TestTerraformCompleteExample 2022-07-30T22:56:29Z logger.go:66:         }
TestTerraformCompleteExample 2022-07-30T22:56:29Z logger.go:66:
TestTerraformCompleteExample 2022-07-30T22:56:29Z logger.go:66:       + wait {
TestTerraformCompleteExample 2022-07-30T22:56:29Z logger.go:66:           + fields = {
TestTerraformCompleteExample 2022-07-30T22:56:29Z logger.go:66:               + "status.phase" = "RUNNING"
TestTerraformCompleteExample 2022-07-30T22:56:29Z logger.go:66:             }
TestTerraformCompleteExample 2022-07-30T22:56:29Z logger.go:66:         }
TestTerraformCompleteExample 2022-07-30T22:56:29Z logger.go:66:     }
TestTerraformCompleteExample 2022-07-30T22:56:29Z logger.go:66:
TestTerraformCompleteExample 2022-07-30T22:56:29Z logger.go:66:   # module.confluent_platform.kubernetes_manifest.component["zookeeper"] will be created
TestTerraformCompleteExample 2022-07-30T22:56:29Z logger.go:66:   + resource "kubernetes_manifest" "component" {
TestTerraformCompleteExample 2022-07-30T22:56:29Z logger.go:66:       + computed_fields = [
TestTerraformCompleteExample 2022-07-30T22:56:29Z logger.go:66:           + "metadata.finalizers",
TestTerraformCompleteExample 2022-07-30T22:56:29Z logger.go:66:         ]
TestTerraformCompleteExample 2022-07-30T22:56:29Z logger.go:66:       + manifest        = {
TestTerraformCompleteExample 2022-07-30T22:56:29Z logger.go:66:           + apiVersion = "platform.confluent.io/v1beta1"
TestTerraformCompleteExample 2022-07-30T22:56:29Z logger.go:66:           + kind       = "Zookeeper"
TestTerraformCompleteExample 2022-07-30T22:56:29Z logger.go:66:           + metadata   = {
TestTerraformCompleteExample 2022-07-30T22:56:29Z logger.go:66:               + name      = "zookeeper"
TestTerraformCompleteExample 2022-07-30T22:56:29Z logger.go:66:               + namespace = "confluent"
TestTerraformCompleteExample 2022-07-30T22:56:29Z logger.go:66:             }
TestTerraformCompleteExample 2022-07-30T22:56:29Z logger.go:66:           + spec       = {
TestTerraformCompleteExample 2022-07-30T22:56:29Z logger.go:66:               + dataVolumeCapacity = "10Gi"
TestTerraformCompleteExample 2022-07-30T22:56:29Z logger.go:66:               + image              = {
TestTerraformCompleteExample 2022-07-30T22:56:29Z logger.go:66:                   + application = "confluentinc/cp-zookeeper:7.2.0"
TestTerraformCompleteExample 2022-07-30T22:56:29Z logger.go:66:                   + init        = "confluentinc/confluent-init-container:2.4.0"
TestTerraformCompleteExample 2022-07-30T22:56:29Z logger.go:66:                 }
TestTerraformCompleteExample 2022-07-30T22:56:29Z logger.go:66:               + logVolumeCapacity  = "10Gi"
TestTerraformCompleteExample 2022-07-30T22:56:29Z logger.go:66:               + replicas           = 3
TestTerraformCompleteExample 2022-07-30T22:56:29Z logger.go:66:             }
TestTerraformCompleteExample 2022-07-30T22:56:29Z logger.go:66:         }
TestTerraformCompleteExample 2022-07-30T22:56:29Z logger.go:66:       + object          = {
TestTerraformCompleteExample 2022-07-30T22:56:29Z logger.go:66:           + apiVersion = "platform.confluent.io/v1beta1"
TestTerraformCompleteExample 2022-07-30T22:56:29Z logger.go:66:           + kind       = "Zookeeper"
TestTerraformCompleteExample 2022-07-30T22:56:29Z logger.go:66:           + metadata   = {
TestTerraformCompleteExample 2022-07-30T22:56:29Z logger.go:66:               + annotations                = (known after apply)
TestTerraformCompleteExample 2022-07-30T22:56:29Z logger.go:66:               + clusterName                = (known after apply)
TestTerraformCompleteExample 2022-07-30T22:56:29Z logger.go:66:               + creationTimestamp          = (known after apply)
TestTerraformCompleteExample 2022-07-30T22:56:29Z logger.go:66:               + deletionGracePeriodSeconds = (known after apply)
TestTerraformCompleteExample 2022-07-30T22:56:29Z logger.go:66:               + deletionTimestamp          = (known after apply)
TestTerraformCompleteExample 2022-07-30T22:56:29Z logger.go:66:               + finalizers                 = (known after apply)
TestTerraformCompleteExample 2022-07-30T22:56:29Z logger.go:66:               + generateName               = (known after apply)
TestTerraformCompleteExample 2022-07-30T22:56:29Z logger.go:66:               + generation                 = (known after apply)
TestTerraformCompleteExample 2022-07-30T22:56:29Z logger.go:66:               + labels                     = (known after apply)
TestTerraformCompleteExample 2022-07-30T22:56:29Z logger.go:66:               + managedFields              = (known after apply)
TestTerraformCompleteExample 2022-07-30T22:56:29Z logger.go:66:               + name                       = "zookeeper"
TestTerraformCompleteExample 2022-07-30T22:56:29Z logger.go:66:               + namespace                  = "confluent"
TestTerraformCompleteExample 2022-07-30T22:56:29Z logger.go:66:               + ownerReferences            = (known after apply)
TestTerraformCompleteExample 2022-07-30T22:56:29Z logger.go:66:               + resourceVersion            = (known after apply)
TestTerraformCompleteExample 2022-07-30T22:56:29Z logger.go:66:               + selfLink                   = (known after apply)
TestTerraformCompleteExample 2022-07-30T22:56:29Z logger.go:66:               + uid                        = (known after apply)
TestTerraformCompleteExample 2022-07-30T22:56:29Z logger.go:66:             }
TestTerraformCompleteExample 2022-07-30T22:56:29Z logger.go:66:           + spec       = {
TestTerraformCompleteExample 2022-07-30T22:56:29Z logger.go:66:               + authentication     = {
TestTerraformCompleteExample 2022-07-30T22:56:29Z logger.go:66:                   + jaasConfig            = {
TestTerraformCompleteExample 2022-07-30T22:56:29Z logger.go:66:                       + secretRef = (known after apply)
TestTerraformCompleteExample 2022-07-30T22:56:29Z logger.go:66:                     }
TestTerraformCompleteExample 2022-07-30T22:56:29Z logger.go:66:                   + jaasConfigPassThrough = {
TestTerraformCompleteExample 2022-07-30T22:56:29Z logger.go:66:                       + directoryPathInContainer = (known after apply)
TestTerraformCompleteExample 2022-07-30T22:56:29Z logger.go:66:                       + secretRef                = (known after apply)
TestTerraformCompleteExample 2022-07-30T22:56:29Z logger.go:66:                     }
TestTerraformCompleteExample 2022-07-30T22:56:29Z logger.go:66:                   + principalMappingRules = (known after apply)
TestTerraformCompleteExample 2022-07-30T22:56:29Z logger.go:66:                   + type                  = (known after apply)
TestTerraformCompleteExample 2022-07-30T22:56:29Z logger.go:66:                 }
TestTerraformCompleteExample 2022-07-30T22:56:29Z logger.go:66:               + configOverrides    = {
TestTerraformCompleteExample 2022-07-30T22:56:29Z logger.go:66:                   + jvm    = (known after apply)
TestTerraformCompleteExample 2022-07-30T22:56:29Z logger.go:66:                   + log4j  = (known after apply)
TestTerraformCompleteExample 2022-07-30T22:56:29Z logger.go:66:                   + peers  = (known after apply)
TestTerraformCompleteExample 2022-07-30T22:56:29Z logger.go:66:                   + server = (known after apply)
TestTerraformCompleteExample 2022-07-30T22:56:29Z logger.go:66:                 }
TestTerraformCompleteExample 2022-07-30T22:56:29Z logger.go:66:               + dataVolumeCapacity = "10Gi"
TestTerraformCompleteExample 2022-07-30T22:56:29Z logger.go:66:               + headlessService    = {
TestTerraformCompleteExample 2022-07-30T22:56:29Z logger.go:66:                   + annotations              = (known after apply)
TestTerraformCompleteExample 2022-07-30T22:56:29Z logger.go:66:                   + labels                   = (known after apply)
TestTerraformCompleteExample 2022-07-30T22:56:29Z logger.go:66:                   + publishNotReadyAddresses = (known after apply)
TestTerraformCompleteExample 2022-07-30T22:56:29Z logger.go:66:                 }
TestTerraformCompleteExample 2022-07-30T22:56:29Z logger.go:66:               + image              = {
TestTerraformCompleteExample 2022-07-30T22:56:29Z logger.go:66:                   + application   = "confluentinc/cp-zookeeper:7.2.0"
TestTerraformCompleteExample 2022-07-30T22:56:29Z logger.go:66:                   + init          = "confluentinc/confluent-init-container:2.4.0"
TestTerraformCompleteExample 2022-07-30T22:56:29Z logger.go:66:                   + pullPolicy    = (known after apply)
TestTerraformCompleteExample 2022-07-30T22:56:29Z logger.go:66:                   + pullSecretRef = (known after apply)
TestTerraformCompleteExample 2022-07-30T22:56:29Z logger.go:66:                 }
TestTerraformCompleteExample 2022-07-30T22:56:29Z logger.go:66:               + injectAnnotations  = (known after apply)
TestTerraformCompleteExample 2022-07-30T22:56:29Z logger.go:66:               + injectLabels       = (known after apply)
TestTerraformCompleteExample 2022-07-30T22:56:29Z logger.go:66:               + k8sClusterDomain   = (known after apply)
TestTerraformCompleteExample 2022-07-30T22:56:29Z logger.go:66:               + license            = {
TestTerraformCompleteExample 2022-07-30T22:56:29Z logger.go:66:                   + directoryPathInContainer = (known after apply)
TestTerraformCompleteExample 2022-07-30T22:56:29Z logger.go:66:                   + globalLicense            = (known after apply)
TestTerraformCompleteExample 2022-07-30T22:56:29Z logger.go:66:                   + secretRef                = (known after apply)
TestTerraformCompleteExample 2022-07-30T22:56:29Z logger.go:66:                 }
TestTerraformCompleteExample 2022-07-30T22:56:29Z logger.go:66:               + logVolumeCapacity  = "10Gi"
TestTerraformCompleteExample 2022-07-30T22:56:29Z logger.go:66:               + metrics            = {
TestTerraformCompleteExample 2022-07-30T22:56:29Z logger.go:66:                   + authentication = {
TestTerraformCompleteExample 2022-07-30T22:56:29Z logger.go:66:                       + type = (known after apply)
TestTerraformCompleteExample 2022-07-30T22:56:29Z logger.go:66:                     }
TestTerraformCompleteExample 2022-07-30T22:56:29Z logger.go:66:                   + prometheus     = {
TestTerraformCompleteExample 2022-07-30T22:56:29Z logger.go:66:                       + blacklist = (known after apply)
TestTerraformCompleteExample 2022-07-30T22:56:29Z logger.go:66:                       + rules     = (known after apply)
TestTerraformCompleteExample 2022-07-30T22:56:29Z logger.go:66:                       + whitelist = (known after apply)
TestTerraformCompleteExample 2022-07-30T22:56:29Z logger.go:66:                     }
TestTerraformCompleteExample 2022-07-30T22:56:29Z logger.go:66:                   + tls            = {
TestTerraformCompleteExample 2022-07-30T22:56:29Z logger.go:66:                       + directoryPathInContainer = (known after apply)
TestTerraformCompleteExample 2022-07-30T22:56:29Z logger.go:66:                       + enabled                  = (known after apply)
TestTerraformCompleteExample 2022-07-30T22:56:29Z logger.go:66:                       + ignoreTrustStoreConfig   = (known after apply)
TestTerraformCompleteExample 2022-07-30T22:56:29Z logger.go:66:                       + jksPassword              = {
TestTerraformCompleteExample 2022-07-30T22:56:29Z logger.go:66:                           + secretRef = (known after apply)
TestTerraformCompleteExample 2022-07-30T22:56:29Z logger.go:66:                         }
TestTerraformCompleteExample 2022-07-30T22:56:29Z logger.go:66:                       + secretRef                = (known after apply)
TestTerraformCompleteExample 2022-07-30T22:56:29Z logger.go:66:                     }
TestTerraformCompleteExample 2022-07-30T22:56:29Z logger.go:66:                 }
TestTerraformCompleteExample 2022-07-30T22:56:29Z logger.go:66:               + mountedSecrets     = (known after apply)
TestTerraformCompleteExample 2022-07-30T22:56:29Z logger.go:66:               + mountedVolumes     = {
TestTerraformCompleteExample 2022-07-30T22:56:29Z logger.go:66:                   + volumeMounts = (known after apply)
TestTerraformCompleteExample 2022-07-30T22:56:29Z logger.go:66:                   + volumes      = (known after apply)
TestTerraformCompleteExample 2022-07-30T22:56:29Z logger.go:66:                 }
TestTerraformCompleteExample 2022-07-30T22:56:29Z logger.go:66:               + oneReplicaPerNode  = (known after apply)
TestTerraformCompleteExample 2022-07-30T22:56:29Z logger.go:66:               + podTemplate        = {
TestTerraformCompleteExample 2022-07-30T22:56:29Z logger.go:66:                   + affinity                      = {
TestTerraformCompleteExample 2022-07-30T22:56:29Z logger.go:66:                       + nodeAffinity    = {
TestTerraformCompleteExample 2022-07-30T22:56:29Z logger.go:66:                           + preferredDuringSchedulingIgnoredDuringExecution = (known after apply)
TestTerraformCompleteExample 2022-07-30T22:56:29Z logger.go:66:                           + requiredDuringSchedulingIgnoredDuringExecution  = {
TestTerraformCompleteExample 2022-07-30T22:56:29Z logger.go:66:                               + nodeSelectorTerms = (known after apply)
TestTerraformCompleteExample 2022-07-30T22:56:29Z logger.go:66:                             }
TestTerraformCompleteExample 2022-07-30T22:56:29Z logger.go:66:                         }
TestTerraformCompleteExample 2022-07-30T22:56:29Z logger.go:66:                       + podAffinity     = {
TestTerraformCompleteExample 2022-07-30T22:56:29Z logger.go:66:                           + preferredDuringSchedulingIgnoredDuringExecution = (known after apply)
TestTerraformCompleteExample 2022-07-30T22:56:29Z logger.go:66:                           + requiredDuringSchedulingIgnoredDuringExecution  = (known after apply)
TestTerraformCompleteExample 2022-07-30T22:56:29Z logger.go:66:                         }
TestTerraformCompleteExample 2022-07-30T22:56:29Z logger.go:66:                       + podAntiAffinity = {
TestTerraformCompleteExample 2022-07-30T22:56:29Z logger.go:66:                           + preferredDuringSchedulingIgnoredDuringExecution = (known after apply)
TestTerraformCompleteExample 2022-07-30T22:56:29Z logger.go:66:                           + requiredDuringSchedulingIgnoredDuringExecution  = (known after apply)
TestTerraformCompleteExample 2022-07-30T22:56:29Z logger.go:66:                         }
TestTerraformCompleteExample 2022-07-30T22:56:29Z logger.go:66:                     }
TestTerraformCompleteExample 2022-07-30T22:56:29Z logger.go:66:                   + annotations                   = (known after apply)
TestTerraformCompleteExample 2022-07-30T22:56:29Z logger.go:66:                   + envVars                       = (known after apply)
TestTerraformCompleteExample 2022-07-30T22:56:29Z logger.go:66:                   + labels                        = (known after apply)
TestTerraformCompleteExample 2022-07-30T22:56:29Z logger.go:66:                   + podSecurityContext            = {
TestTerraformCompleteExample 2022-07-30T22:56:29Z logger.go:66:                       + fsGroup             = (known after apply)
TestTerraformCompleteExample 2022-07-30T22:56:29Z logger.go:66:                       + fsGroupChangePolicy = (known after apply)
TestTerraformCompleteExample 2022-07-30T22:56:29Z logger.go:66:                       + runAsGroup          = (known after apply)
TestTerraformCompleteExample 2022-07-30T22:56:29Z logger.go:66:                       + runAsNonRoot        = (known after apply)
TestTerraformCompleteExample 2022-07-30T22:56:29Z logger.go:66:                       + runAsUser           = (known after apply)
TestTerraformCompleteExample 2022-07-30T22:56:29Z logger.go:66:                       + seLinuxOptions      = {
TestTerraformCompleteExample 2022-07-30T22:56:29Z logger.go:66:                           + level = (known after apply)
TestTerraformCompleteExample 2022-07-30T22:56:29Z logger.go:66:                           + role  = (known after apply)
TestTerraformCompleteExample 2022-07-30T22:56:29Z logger.go:66:                           + type  = (known after apply)
TestTerraformCompleteExample 2022-07-30T22:56:29Z logger.go:66:                           + user  = (known after apply)
TestTerraformCompleteExample 2022-07-30T22:56:29Z logger.go:66:                         }
TestTerraformCompleteExample 2022-07-30T22:56:29Z logger.go:66:                       + seccompProfile      = {
TestTerraformCompleteExample 2022-07-30T22:56:29Z logger.go:66:                           + localhostProfile = (known after apply)
TestTerraformCompleteExample 2022-07-30T22:56:29Z logger.go:66:                           + type             = (known after apply)
TestTerraformCompleteExample 2022-07-30T22:56:29Z logger.go:66:                         }
TestTerraformCompleteExample 2022-07-30T22:56:29Z logger.go:66:                       + supplementalGroups  = (known after apply)
TestTerraformCompleteExample 2022-07-30T22:56:29Z logger.go:66:                       + sysctls             = (known after apply)
TestTerraformCompleteExample 2022-07-30T22:56:29Z logger.go:66:                       + windowsOptions      = {
TestTerraformCompleteExample 2022-07-30T22:56:29Z logger.go:66:                           + gmsaCredentialSpec     = (known after apply)
TestTerraformCompleteExample 2022-07-30T22:56:29Z logger.go:66:                           + gmsaCredentialSpecName = (known after apply)
TestTerraformCompleteExample 2022-07-30T22:56:29Z logger.go:66:                           + hostProcess            = (known after apply)
TestTerraformCompleteExample 2022-07-30T22:56:29Z logger.go:66:                           + runAsUserName          = (known after apply)
TestTerraformCompleteExample 2022-07-30T22:56:29Z logger.go:66:                         }
TestTerraformCompleteExample 2022-07-30T22:56:29Z logger.go:66:                     }
TestTerraformCompleteExample 2022-07-30T22:56:29Z logger.go:66:                   + priorityClassName             = (known after apply)
TestTerraformCompleteExample 2022-07-30T22:56:29Z logger.go:66:                   + probe                         = {
TestTerraformCompleteExample 2022-07-30T22:56:29Z logger.go:66:                       + liveness  = {
TestTerraformCompleteExample 2022-07-30T22:56:29Z logger.go:66:                           + failureThreshold    = (known after apply)
TestTerraformCompleteExample 2022-07-30T22:56:29Z logger.go:66:                           + initialDelaySeconds = (known after apply)
TestTerraformCompleteExample 2022-07-30T22:56:29Z logger.go:66:                           + periodSeconds       = (known after apply)
TestTerraformCompleteExample 2022-07-30T22:56:29Z logger.go:66:                           + successThreshold    = (known after apply)
TestTerraformCompleteExample 2022-07-30T22:56:29Z logger.go:66:                           + timeoutSeconds      = (known after apply)
TestTerraformCompleteExample 2022-07-30T22:56:29Z logger.go:66:                         }
TestTerraformCompleteExample 2022-07-30T22:56:29Z logger.go:66:                       + readiness = {
TestTerraformCompleteExample 2022-07-30T22:56:29Z logger.go:66:                           + failureThreshold    = (known after apply)
TestTerraformCompleteExample 2022-07-30T22:56:29Z logger.go:66:                           + initialDelaySeconds = (known after apply)
TestTerraformCompleteExample 2022-07-30T22:56:29Z logger.go:66:                           + periodSeconds       = (known after apply)
TestTerraformCompleteExample 2022-07-30T22:56:29Z logger.go:66:                           + successThreshold    = (known after apply)
TestTerraformCompleteExample 2022-07-30T22:56:29Z logger.go:66:                           + timeoutSeconds      = (known after apply)
TestTerraformCompleteExample 2022-07-30T22:56:29Z logger.go:66:                         }
TestTerraformCompleteExample 2022-07-30T22:56:29Z logger.go:66:                     }
TestTerraformCompleteExample 2022-07-30T22:56:29Z logger.go:66:                   + resources                     = {
TestTerraformCompleteExample 2022-07-30T22:56:29Z logger.go:66:                       + limits   = (known after apply)
TestTerraformCompleteExample 2022-07-30T22:56:29Z logger.go:66:                       + requests = (known after apply)
TestTerraformCompleteExample 2022-07-30T22:56:29Z logger.go:66:                     }
TestTerraformCompleteExample 2022-07-30T22:56:29Z logger.go:66:                   + securityContext               = {
TestTerraformCompleteExample 2022-07-30T22:56:29Z logger.go:66:                       + allowPrivilegeEscalation = (known after apply)
TestTerraformCompleteExample 2022-07-30T22:56:29Z logger.go:66:                       + capabilities             = {
TestTerraformCompleteExample 2022-07-30T22:56:29Z logger.go:66:                           + add  = (known after apply)
TestTerraformCompleteExample 2022-07-30T22:56:29Z logger.go:66:                           + drop = (known after apply)
TestTerraformCompleteExample 2022-07-30T22:56:29Z logger.go:66:                         }
TestTerraformCompleteExample 2022-07-30T22:56:29Z logger.go:66:                       + privileged               = (known after apply)
TestTerraformCompleteExample 2022-07-30T22:56:29Z logger.go:66:                       + procMount                = (known after apply)
TestTerraformCompleteExample 2022-07-30T22:56:29Z logger.go:66:                       + readOnlyRootFilesystem   = (known after apply)
TestTerraformCompleteExample 2022-07-30T22:56:29Z logger.go:66:                       + runAsGroup               = (known after apply)
TestTerraformCompleteExample 2022-07-30T22:56:29Z logger.go:66:                       + runAsNonRoot             = (known after apply)
TestTerraformCompleteExample 2022-07-30T22:56:29Z logger.go:66:                       + runAsUser                = (known after apply)
TestTerraformCompleteExample 2022-07-30T22:56:29Z logger.go:66:                       + seLinuxOptions           = {
TestTerraformCompleteExample 2022-07-30T22:56:29Z logger.go:66:                           + level = (known after apply)
TestTerraformCompleteExample 2022-07-30T22:56:29Z logger.go:66:                           + role  = (known after apply)
TestTerraformCompleteExample 2022-07-30T22:56:29Z logger.go:66:                           + type  = (known after apply)
TestTerraformCompleteExample 2022-07-30T22:56:29Z logger.go:66:                           + user  = (known after apply)
TestTerraformCompleteExample 2022-07-30T22:56:29Z logger.go:66:                         }
TestTerraformCompleteExample 2022-07-30T22:56:29Z logger.go:66:                       + seccompProfile           = {
TestTerraformCompleteExample 2022-07-30T22:56:29Z logger.go:66:                           + localhostProfile = (known after apply)
TestTerraformCompleteExample 2022-07-30T22:56:29Z logger.go:66:                           + type             = (known after apply)
TestTerraformCompleteExample 2022-07-30T22:56:29Z logger.go:66:                         }
TestTerraformCompleteExample 2022-07-30T22:56:29Z logger.go:66:                       + windowsOptions           = {
TestTerraformCompleteExample 2022-07-30T22:56:29Z logger.go:66:                           + gmsaCredentialSpec     = (known after apply)
TestTerraformCompleteExample 2022-07-30T22:56:29Z logger.go:66:                           + gmsaCredentialSpecName = (known after apply)
TestTerraformCompleteExample 2022-07-30T22:56:29Z logger.go:66:                           + hostProcess            = (known after apply)
TestTerraformCompleteExample 2022-07-30T22:56:29Z logger.go:66:                           + runAsUserName          = (known after apply)
TestTerraformCompleteExample 2022-07-30T22:56:29Z logger.go:66:                         }
TestTerraformCompleteExample 2022-07-30T22:56:29Z logger.go:66:                     }
TestTerraformCompleteExample 2022-07-30T22:56:29Z logger.go:66:                   + serviceAccountName            = (known after apply)
TestTerraformCompleteExample 2022-07-30T22:56:29Z logger.go:66:                   + terminationGracePeriodSeconds = (known after apply)
TestTerraformCompleteExample 2022-07-30T22:56:29Z logger.go:66:                   + tolerations                   = (known after apply)
TestTerraformCompleteExample 2022-07-30T22:56:29Z logger.go:66:                   + topologySpreadConstraints     = (known after apply)
TestTerraformCompleteExample 2022-07-30T22:56:29Z logger.go:66:                 }
TestTerraformCompleteExample 2022-07-30T22:56:29Z logger.go:66:               + replicas           = 3
TestTerraformCompleteExample 2022-07-30T22:56:29Z logger.go:66:               + storageClass       = {
TestTerraformCompleteExample 2022-07-30T22:56:29Z logger.go:66:                   + name = (known after apply)
TestTerraformCompleteExample 2022-07-30T22:56:29Z logger.go:66:                 }
TestTerraformCompleteExample 2022-07-30T22:56:29Z logger.go:66:               + tls                = {
TestTerraformCompleteExample 2022-07-30T22:56:29Z logger.go:66:                   + autoGeneratedCerts       = (known after apply)
TestTerraformCompleteExample 2022-07-30T22:56:29Z logger.go:66:                   + directoryPathInContainer = (known after apply)
TestTerraformCompleteExample 2022-07-30T22:56:29Z logger.go:66:                   + ignoreTrustStoreConfig   = (known after apply)
TestTerraformCompleteExample 2022-07-30T22:56:29Z logger.go:66:                   + jksPassword              = {
TestTerraformCompleteExample 2022-07-30T22:56:29Z logger.go:66:                       + secretRef = (known after apply)
TestTerraformCompleteExample 2022-07-30T22:56:29Z logger.go:66:                     }
TestTerraformCompleteExample 2022-07-30T22:56:29Z logger.go:66:                   + secretRef                = (known after apply)
TestTerraformCompleteExample 2022-07-30T22:56:29Z logger.go:66:                 }
TestTerraformCompleteExample 2022-07-30T22:56:29Z logger.go:66:             }
TestTerraformCompleteExample 2022-07-30T22:56:29Z logger.go:66:         }
TestTerraformCompleteExample 2022-07-30T22:56:29Z logger.go:66:
TestTerraformCompleteExample 2022-07-30T22:56:29Z logger.go:66:       + timeouts {
TestTerraformCompleteExample 2022-07-30T22:56:29Z logger.go:66:           + create = "1h"
TestTerraformCompleteExample 2022-07-30T22:56:29Z logger.go:66:           + delete = "10m"
TestTerraformCompleteExample 2022-07-30T22:56:29Z logger.go:66:           + update = "1h"
TestTerraformCompleteExample 2022-07-30T22:56:29Z logger.go:66:         }
TestTerraformCompleteExample 2022-07-30T22:56:29Z logger.go:66:
TestTerraformCompleteExample 2022-07-30T22:56:29Z logger.go:66:       + wait {
TestTerraformCompleteExample 2022-07-30T22:56:29Z logger.go:66:           + fields = {
TestTerraformCompleteExample 2022-07-30T22:56:29Z logger.go:66:               + "status.phase" = "RUNNING"
TestTerraformCompleteExample 2022-07-30T22:56:29Z logger.go:66:             }
TestTerraformCompleteExample 2022-07-30T22:56:29Z logger.go:66:         }
TestTerraformCompleteExample 2022-07-30T22:56:29Z logger.go:66:     }
TestTerraformCompleteExample 2022-07-30T22:56:29Z logger.go:66:
TestTerraformCompleteExample 2022-07-30T22:56:29Z logger.go:66:   # module.confluent_platform.module.confluent_operator[0].helm_release.confluent_operator[0] will be created
TestTerraformCompleteExample 2022-07-30T22:56:29Z logger.go:66:   + resource "helm_release" "confluent_operator" {
TestTerraformCompleteExample 2022-07-30T22:56:29Z logger.go:66:       + atomic                     = false
TestTerraformCompleteExample 2022-07-30T22:56:29Z logger.go:66:       + chart                      = "confluent-for-kubernetes"
TestTerraformCompleteExample 2022-07-30T22:56:29Z logger.go:66:       + cleanup_on_fail            = false
TestTerraformCompleteExample 2022-07-30T22:56:29Z logger.go:66:       + create_namespace           = false
TestTerraformCompleteExample 2022-07-30T22:56:29Z logger.go:66:       + dependency_update          = false
TestTerraformCompleteExample 2022-07-30T22:56:29Z logger.go:66:       + disable_crd_hooks          = false
TestTerraformCompleteExample 2022-07-30T22:56:29Z logger.go:66:       + disable_openapi_validation = false
TestTerraformCompleteExample 2022-07-30T22:56:29Z logger.go:66:       + disable_webhooks           = false
TestTerraformCompleteExample 2022-07-30T22:56:29Z logger.go:66:       + force_update               = false
TestTerraformCompleteExample 2022-07-30T22:56:29Z logger.go:66:       + id                         = (known after apply)
TestTerraformCompleteExample 2022-07-30T22:56:29Z logger.go:66:       + lint                       = false
TestTerraformCompleteExample 2022-07-30T22:56:29Z logger.go:66:       + manifest                   = (known after apply)
TestTerraformCompleteExample 2022-07-30T22:56:29Z logger.go:66:       + max_history                = 0
TestTerraformCompleteExample 2022-07-30T22:56:29Z logger.go:66:       + metadata                   = (known after apply)
TestTerraformCompleteExample 2022-07-30T22:56:29Z logger.go:66:       + name                       = "confluent-operator"
TestTerraformCompleteExample 2022-07-30T22:56:29Z logger.go:66:       + namespace                  = "confluent"
TestTerraformCompleteExample 2022-07-30T22:56:29Z logger.go:66:       + pass_credentials           = false
TestTerraformCompleteExample 2022-07-30T22:56:29Z logger.go:66:       + recreate_pods              = false
TestTerraformCompleteExample 2022-07-30T22:56:29Z logger.go:66:       + render_subchart_notes      = true
TestTerraformCompleteExample 2022-07-30T22:56:29Z logger.go:66:       + replace                    = false
TestTerraformCompleteExample 2022-07-30T22:56:29Z logger.go:66:       + repository                 = "https://packages.confluent.io/helm"
TestTerraformCompleteExample 2022-07-30T22:56:29Z logger.go:66:       + reset_values               = false
TestTerraformCompleteExample 2022-07-30T22:56:29Z logger.go:66:       + reuse_values               = false
TestTerraformCompleteExample 2022-07-30T22:56:29Z logger.go:66:       + skip_crds                  = false
TestTerraformCompleteExample 2022-07-30T22:56:29Z logger.go:66:       + status                     = "deployed"
TestTerraformCompleteExample 2022-07-30T22:56:29Z logger.go:66:       + timeout                    = 300
TestTerraformCompleteExample 2022-07-30T22:56:29Z logger.go:66:       + values                     = []
TestTerraformCompleteExample 2022-07-30T22:56:29Z logger.go:66:       + verify                     = false
TestTerraformCompleteExample 2022-07-30T22:56:29Z logger.go:66:       + version                    = "0.517.12"
TestTerraformCompleteExample 2022-07-30T22:56:29Z logger.go:66:       + wait                       = true
TestTerraformCompleteExample 2022-07-30T22:56:29Z logger.go:66:       + wait_for_jobs              = true
TestTerraformCompleteExample 2022-07-30T22:56:29Z logger.go:66:     }
TestTerraformCompleteExample 2022-07-30T22:56:29Z logger.go:66:
TestTerraformCompleteExample 2022-07-30T22:56:29Z logger.go:66:   # module.confluent_platform.module.confluent_operator[0].kubernetes_namespace_v1.namespace[0] will be created
TestTerraformCompleteExample 2022-07-30T22:56:29Z logger.go:66:   + resource "kubernetes_namespace_v1" "namespace" {
TestTerraformCompleteExample 2022-07-30T22:56:29Z logger.go:66:       + id = (known after apply)
TestTerraformCompleteExample 2022-07-30T22:56:29Z logger.go:66:
TestTerraformCompleteExample 2022-07-30T22:56:29Z logger.go:66:       + metadata {
TestTerraformCompleteExample 2022-07-30T22:56:29Z logger.go:66:           + generation       = (known after apply)
TestTerraformCompleteExample 2022-07-30T22:56:29Z logger.go:66:           + name             = "confluent"
TestTerraformCompleteExample 2022-07-30T22:56:29Z logger.go:66:           + resource_version = (known after apply)
TestTerraformCompleteExample 2022-07-30T22:56:29Z logger.go:66:           + uid              = (known after apply)
TestTerraformCompleteExample 2022-07-30T22:56:29Z logger.go:66:         }
TestTerraformCompleteExample 2022-07-30T22:56:29Z logger.go:66:     }
TestTerraformCompleteExample 2022-07-30T22:56:29Z logger.go:66:
TestTerraformCompleteExample 2022-07-30T22:56:29Z logger.go:66: Plan: 9 to add, 0 to change, 0 to destroy.
TestTerraformCompleteExample 2022-07-30T22:56:29Z logger.go:66:
TestTerraformCompleteExample 2022-07-30T22:56:29Z logger.go:66: Changes to Outputs:
TestTerraformCompleteExample 2022-07-30T22:56:29Z logger.go:66:   + confluent_operator = [
TestTerraformCompleteExample 2022-07-30T22:56:29Z logger.go:66:       + {
TestTerraformCompleteExample 2022-07-30T22:56:29Z logger.go:66:           + app_version   = (known after apply)
TestTerraformCompleteExample 2022-07-30T22:56:29Z logger.go:66:           + chart_version = (known after apply)
TestTerraformCompleteExample 2022-07-30T22:56:29Z logger.go:66:           + namespace     = "confluent"
TestTerraformCompleteExample 2022-07-30T22:56:29Z logger.go:66:         },
TestTerraformCompleteExample 2022-07-30T22:56:29Z logger.go:66:     ]
TestTerraformCompleteExample 2022-07-30T22:56:29Z logger.go:66:   + kafka              = {
TestTerraformCompleteExample 2022-07-30T22:56:29Z logger.go:66:       + apiVersion = "platform.confluent.io/v1beta1"
TestTerraformCompleteExample 2022-07-30T22:56:29Z logger.go:66:       + kind       = "Kafka"
TestTerraformCompleteExample 2022-07-30T22:56:29Z logger.go:66:       + metadata   = {
TestTerraformCompleteExample 2022-07-30T22:56:29Z logger.go:66:           + name      = "kafka"
TestTerraformCompleteExample 2022-07-30T22:56:29Z logger.go:66:           + namespace = "confluent"
TestTerraformCompleteExample 2022-07-30T22:56:29Z logger.go:66:         }
TestTerraformCompleteExample 2022-07-30T22:56:29Z logger.go:66:       + spec       = {
TestTerraformCompleteExample 2022-07-30T22:56:29Z logger.go:66:           + dataVolumeCapacity = "10Gi"
TestTerraformCompleteExample 2022-07-30T22:56:29Z logger.go:66:           + image              = {
TestTerraformCompleteExample 2022-07-30T22:56:29Z logger.go:66:               + application = "confluentinc/cp-server:7.2.0"
TestTerraformCompleteExample 2022-07-30T22:56:29Z logger.go:66:               + init        = "confluentinc/confluent-init-container:2.4.0"
TestTerraformCompleteExample 2022-07-30T22:56:29Z logger.go:66:             }
TestTerraformCompleteExample 2022-07-30T22:56:29Z logger.go:66:           + metricReporter     = {
TestTerraformCompleteExample 2022-07-30T22:56:29Z logger.go:66:               + enabled = true
TestTerraformCompleteExample 2022-07-30T22:56:29Z logger.go:66:             }
TestTerraformCompleteExample 2022-07-30T22:56:29Z logger.go:66:           + replicas           = 3
TestTerraformCompleteExample 2022-07-30T22:56:29Z logger.go:66:         }
TestTerraformCompleteExample 2022-07-30T22:56:29Z logger.go:66:     }
TestTerraformCompleteExample 2022-07-30T22:56:29Z logger.go:66:   + namespace          = "confluent"
TestTerraformCompleteExample 2022-07-30T22:56:29Z logger.go:66:   + zookeeper          = {
TestTerraformCompleteExample 2022-07-30T22:56:29Z logger.go:66:       + apiVersion = "platform.confluent.io/v1beta1"
TestTerraformCompleteExample 2022-07-30T22:56:29Z logger.go:66:       + kind       = "Zookeeper"
TestTerraformCompleteExample 2022-07-30T22:56:29Z logger.go:66:       + metadata   = {
TestTerraformCompleteExample 2022-07-30T22:56:29Z logger.go:66:           + name      = "zookeeper"
TestTerraformCompleteExample 2022-07-30T22:56:29Z logger.go:66:           + namespace = "confluent"
TestTerraformCompleteExample 2022-07-30T22:56:29Z logger.go:66:         }
TestTerraformCompleteExample 2022-07-30T22:56:29Z logger.go:66:       + spec       = {
TestTerraformCompleteExample 2022-07-30T22:56:29Z logger.go:66:           + dataVolumeCapacity = "10Gi"
TestTerraformCompleteExample 2022-07-30T22:56:29Z logger.go:66:           + image              = {
TestTerraformCompleteExample 2022-07-30T22:56:29Z logger.go:66:               + application = "confluentinc/cp-zookeeper:7.2.0"
TestTerraformCompleteExample 2022-07-30T22:56:29Z logger.go:66:               + init        = "confluentinc/confluent-init-container:2.4.0"
TestTerraformCompleteExample 2022-07-30T22:56:29Z logger.go:66:             }
TestTerraformCompleteExample 2022-07-30T22:56:29Z logger.go:66:           + logVolumeCapacity  = "10Gi"
TestTerraformCompleteExample 2022-07-30T22:56:29Z logger.go:66:           + replicas           = 3
TestTerraformCompleteExample 2022-07-30T22:56:29Z logger.go:66:         }
TestTerraformCompleteExample 2022-07-30T22:56:29Z logger.go:66:     }
TestTerraformCompleteExample 2022-07-30T22:56:29Z logger.go:66: module.confluent_platform.module.confluent_operator[0].kubernetes_namespace_v1.namespace[0]: Creating...
TestTerraformCompleteExample 2022-07-30T22:56:29Z logger.go:66: module.confluent_platform.module.confluent_operator[0].kubernetes_namespace_v1.namespace[0]: Creation complete after 0s [id=confluent]
TestTerraformCompleteExample 2022-07-30T22:56:30Z logger.go:66: module.confluent_platform.module.confluent_operator[0].helm_release.confluent_operator[0]: Creating...
TestTerraformCompleteExample 2022-07-30T22:56:36Z logger.go:66: module.confluent_platform.module.confluent_operator[0].helm_release.confluent_operator[0]: Creation complete after 7s [id=confluent-operator]
TestTerraformCompleteExample 2022-07-30T22:56:40Z logger.go:66: module.confluent_platform.kubernetes_manifest.component["ksqldb"]: Creating...
TestTerraformCompleteExample 2022-07-30T22:56:41Z logger.go:66: module.confluent_platform.kubernetes_manifest.component["schemaregistry"]: Creating...
TestTerraformCompleteExample 2022-07-30T22:56:41Z logger.go:66: module.confluent_platform.kubernetes_manifest.component["connect"]: Creating...
TestTerraformCompleteExample 2022-07-30T22:56:41Z logger.go:66: module.confluent_platform.kubernetes_manifest.component["kafkarestproxy"]: Creating...
TestTerraformCompleteExample 2022-07-30T22:56:41Z logger.go:66: module.confluent_platform.kubernetes_manifest.component["kafka"]: Creating...
TestTerraformCompleteExample 2022-07-30T22:56:41Z logger.go:66: module.confluent_platform.kubernetes_manifest.component["zookeeper"]: Creating...
TestTerraformCompleteExample 2022-07-30T22:56:41Z logger.go:66: module.confluent_platform.kubernetes_manifest.component["controlcenter"]: Creating...
TestTerraformCompleteExample 2022-07-30T22:56:50Z logger.go:66: module.confluent_platform.kubernetes_manifest.component["ksqldb"]: Still creating... [10s elapsed]
TestTerraformCompleteExample 2022-07-30T22:56:51Z logger.go:66: module.confluent_platform.kubernetes_manifest.component["schemaregistry"]: Still creating... [10s elapsed]
TestTerraformCompleteExample 2022-07-30T22:56:51Z logger.go:66: module.confluent_platform.kubernetes_manifest.component["connect"]: Still creating... [10s elapsed]
TestTerraformCompleteExample 2022-07-30T22:56:51Z logger.go:66: module.confluent_platform.kubernetes_manifest.component["kafkarestproxy"]: Still creating... [10s elapsed]
TestTerraformCompleteExample 2022-07-30T22:56:51Z logger.go:66: module.confluent_platform.kubernetes_manifest.component["kafka"]: Still creating... [10s elapsed]
TestTerraformCompleteExample 2022-07-30T22:56:51Z logger.go:66: module.confluent_platform.kubernetes_manifest.component["zookeeper"]: Still creating... [10s elapsed]
TestTerraformCompleteExample 2022-07-30T22:56:51Z logger.go:66: module.confluent_platform.kubernetes_manifest.component["controlcenter"]: Still creating... [10s elapsed]
TestTerraformCompleteExample 2022-07-30T22:57:00Z logger.go:66: module.confluent_platform.kubernetes_manifest.component["ksqldb"]: Still creating... [20s elapsed]
TestTerraformCompleteExample 2022-07-30T22:57:01Z logger.go:66: module.confluent_platform.kubernetes_manifest.component["schemaregistry"]: Still creating... [20s elapsed]
TestTerraformCompleteExample 2022-07-30T22:57:01Z logger.go:66: module.confluent_platform.kubernetes_manifest.component["connect"]: Still creating... [20s elapsed]
TestTerraformCompleteExample 2022-07-30T22:57:01Z logger.go:66: module.confluent_platform.kubernetes_manifest.component["kafkarestproxy"]: Still creating... [20s elapsed]
TestTerraformCompleteExample 2022-07-30T22:57:01Z logger.go:66: module.confluent_platform.kubernetes_manifest.component["kafka"]: Still creating... [20s elapsed]
TestTerraformCompleteExample 2022-07-30T22:57:01Z logger.go:66: module.confluent_platform.kubernetes_manifest.component["zookeeper"]: Still creating... [20s elapsed]
TestTerraformCompleteExample 2022-07-30T22:57:01Z logger.go:66: module.confluent_platform.kubernetes_manifest.component["controlcenter"]: Still creating... [20s elapsed]
TestTerraformCompleteExample 2022-07-30T22:57:10Z logger.go:66: module.confluent_platform.kubernetes_manifest.component["ksqldb"]: Still creating... [30s elapsed]
TestTerraformCompleteExample 2022-07-30T22:57:11Z logger.go:66: module.confluent_platform.kubernetes_manifest.component["schemaregistry"]: Still creating... [30s elapsed]
TestTerraformCompleteExample 2022-07-30T22:57:11Z logger.go:66: module.confluent_platform.kubernetes_manifest.component["connect"]: Still creating... [30s elapsed]
TestTerraformCompleteExample 2022-07-30T22:57:11Z logger.go:66: module.confluent_platform.kubernetes_manifest.component["kafkarestproxy"]: Still creating... [30s elapsed]
TestTerraformCompleteExample 2022-07-30T22:57:11Z logger.go:66: module.confluent_platform.kubernetes_manifest.component["kafka"]: Still creating... [30s elapsed]
TestTerraformCompleteExample 2022-07-30T22:57:11Z logger.go:66: module.confluent_platform.kubernetes_manifest.component["zookeeper"]: Still creating... [30s elapsed]
TestTerraformCompleteExample 2022-07-30T22:57:11Z logger.go:66: module.confluent_platform.kubernetes_manifest.component["controlcenter"]: Still creating... [30s elapsed]
TestTerraformCompleteExample 2022-07-30T22:57:20Z logger.go:66: module.confluent_platform.kubernetes_manifest.component["ksqldb"]: Still creating... [40s elapsed]
TestTerraformCompleteExample 2022-07-30T22:57:21Z logger.go:66: module.confluent_platform.kubernetes_manifest.component["schemaregistry"]: Still creating... [40s elapsed]
TestTerraformCompleteExample 2022-07-30T22:57:21Z logger.go:66: module.confluent_platform.kubernetes_manifest.component["connect"]: Still creating... [40s elapsed]
TestTerraformCompleteExample 2022-07-30T22:57:21Z logger.go:66: module.confluent_platform.kubernetes_manifest.component["kafkarestproxy"]: Still creating... [40s elapsed]
TestTerraformCompleteExample 2022-07-30T22:57:21Z logger.go:66: module.confluent_platform.kubernetes_manifest.component["kafka"]: Still creating... [40s elapsed]
TestTerraformCompleteExample 2022-07-30T22:57:21Z logger.go:66: module.confluent_platform.kubernetes_manifest.component["zookeeper"]: Still creating... [40s elapsed]
TestTerraformCompleteExample 2022-07-30T22:57:21Z logger.go:66: module.confluent_platform.kubernetes_manifest.component["controlcenter"]: Still creating... [40s elapsed]
TestTerraformCompleteExample 2022-07-30T22:57:30Z logger.go:66: module.confluent_platform.kubernetes_manifest.component["ksqldb"]: Still creating... [50s elapsed]
TestTerraformCompleteExample 2022-07-30T22:57:31Z logger.go:66: module.confluent_platform.kubernetes_manifest.component["schemaregistry"]: Still creating... [50s elapsed]
TestTerraformCompleteExample 2022-07-30T22:57:31Z logger.go:66: module.confluent_platform.kubernetes_manifest.component["connect"]: Still creating... [50s elapsed]
TestTerraformCompleteExample 2022-07-30T22:57:31Z logger.go:66: module.confluent_platform.kubernetes_manifest.component["kafkarestproxy"]: Still creating... [50s elapsed]
TestTerraformCompleteExample 2022-07-30T22:57:31Z logger.go:66: module.confluent_platform.kubernetes_manifest.component["kafka"]: Still creating... [50s elapsed]
TestTerraformCompleteExample 2022-07-30T22:57:31Z logger.go:66: module.confluent_platform.kubernetes_manifest.component["zookeeper"]: Still creating... [50s elapsed]
TestTerraformCompleteExample 2022-07-30T22:57:31Z logger.go:66: module.confluent_platform.kubernetes_manifest.component["controlcenter"]: Still creating... [50s elapsed]
TestTerraformCompleteExample 2022-07-30T22:57:33Z logger.go:66: module.confluent_platform.kubernetes_manifest.component["zookeeper"]: Creation complete after 51s
TestTerraformCompleteExample 2022-07-30T22:57:40Z logger.go:66: module.confluent_platform.kubernetes_manifest.component["ksqldb"]: Still creating... [1m0s elapsed]
TestTerraformCompleteExample 2022-07-30T22:57:41Z logger.go:66: module.confluent_platform.kubernetes_manifest.component["schemaregistry"]: Still creating... [1m0s elapsed]
TestTerraformCompleteExample 2022-07-30T22:57:41Z logger.go:66: module.confluent_platform.kubernetes_manifest.component["connect"]: Still creating... [1m0s elapsed]
TestTerraformCompleteExample 2022-07-30T22:57:41Z logger.go:66: module.confluent_platform.kubernetes_manifest.component["kafkarestproxy"]: Still creating... [1m0s elapsed]
TestTerraformCompleteExample 2022-07-30T22:57:41Z logger.go:66: module.confluent_platform.kubernetes_manifest.component["kafka"]: Still creating... [1m0s elapsed]
TestTerraformCompleteExample 2022-07-30T22:57:41Z logger.go:66: module.confluent_platform.kubernetes_manifest.component["controlcenter"]: Still creating... [1m0s elapsed]
TestTerraformCompleteExample 2022-07-30T22:57:50Z logger.go:66: module.confluent_platform.kubernetes_manifest.component["ksqldb"]: Still creating... [1m10s elapsed]
TestTerraformCompleteExample 2022-07-30T22:57:51Z logger.go:66: module.confluent_platform.kubernetes_manifest.component["schemaregistry"]: Still creating... [1m10s elapsed]
TestTerraformCompleteExample 2022-07-30T22:57:51Z logger.go:66: module.confluent_platform.kubernetes_manifest.component["connect"]: Still creating... [1m10s elapsed]
TestTerraformCompleteExample 2022-07-30T22:57:51Z logger.go:66: module.confluent_platform.kubernetes_manifest.component["kafkarestproxy"]: Still creating... [1m10s elapsed]
TestTerraformCompleteExample 2022-07-30T22:57:51Z logger.go:66: module.confluent_platform.kubernetes_manifest.component["kafka"]: Still creating... [1m10s elapsed]
TestTerraformCompleteExample 2022-07-30T22:57:51Z logger.go:66: module.confluent_platform.kubernetes_manifest.component["controlcenter"]: Still creating... [1m10s elapsed]
TestTerraformCompleteExample 2022-07-30T22:58:00Z logger.go:66: module.confluent_platform.kubernetes_manifest.component["ksqldb"]: Still creating... [1m20s elapsed]
TestTerraformCompleteExample 2022-07-30T22:58:01Z logger.go:66: module.confluent_platform.kubernetes_manifest.component["schemaregistry"]: Still creating... [1m20s elapsed]
TestTerraformCompleteExample 2022-07-30T22:58:01Z logger.go:66: module.confluent_platform.kubernetes_manifest.component["connect"]: Still creating... [1m20s elapsed]
TestTerraformCompleteExample 2022-07-30T22:58:01Z logger.go:66: module.confluent_platform.kubernetes_manifest.component["kafkarestproxy"]: Still creating... [1m20s elapsed]
TestTerraformCompleteExample 2022-07-30T22:58:01Z logger.go:66: module.confluent_platform.kubernetes_manifest.component["kafka"]: Still creating... [1m20s elapsed]
TestTerraformCompleteExample 2022-07-30T22:58:01Z logger.go:66: module.confluent_platform.kubernetes_manifest.component["controlcenter"]: Still creating... [1m20s elapsed]
TestTerraformCompleteExample 2022-07-30T22:58:10Z logger.go:66: module.confluent_platform.kubernetes_manifest.component["ksqldb"]: Still creating... [1m30s elapsed]
TestTerraformCompleteExample 2022-07-30T22:58:11Z logger.go:66: module.confluent_platform.kubernetes_manifest.component["schemaregistry"]: Still creating... [1m30s elapsed]
TestTerraformCompleteExample 2022-07-30T22:58:11Z logger.go:66: module.confluent_platform.kubernetes_manifest.component["connect"]: Still creating... [1m30s elapsed]
TestTerraformCompleteExample 2022-07-30T22:58:11Z logger.go:66: module.confluent_platform.kubernetes_manifest.component["kafkarestproxy"]: Still creating... [1m30s elapsed]
TestTerraformCompleteExample 2022-07-30T22:58:11Z logger.go:66: module.confluent_platform.kubernetes_manifest.component["kafka"]: Still creating... [1m30s elapsed]
TestTerraformCompleteExample 2022-07-30T22:58:11Z logger.go:66: module.confluent_platform.kubernetes_manifest.component["controlcenter"]: Still creating... [1m30s elapsed]
TestTerraformCompleteExample 2022-07-30T22:58:19Z logger.go:66: module.confluent_platform.kubernetes_manifest.component["kafka"]: Creation complete after 1m37s
TestTerraformCompleteExample 2022-07-30T22:58:20Z logger.go:66: module.confluent_platform.kubernetes_manifest.component["ksqldb"]: Still creating... [1m40s elapsed]
TestTerraformCompleteExample 2022-07-30T22:58:21Z logger.go:66: module.confluent_platform.kubernetes_manifest.component["schemaregistry"]: Still creating... [1m40s elapsed]
TestTerraformCompleteExample 2022-07-30T22:58:21Z logger.go:66: module.confluent_platform.kubernetes_manifest.component["connect"]: Still creating... [1m40s elapsed]
TestTerraformCompleteExample 2022-07-30T22:58:21Z logger.go:66: module.confluent_platform.kubernetes_manifest.component["kafkarestproxy"]: Still creating... [1m40s elapsed]
TestTerraformCompleteExample 2022-07-30T22:58:21Z logger.go:66: module.confluent_platform.kubernetes_manifest.component["controlcenter"]: Still creating... [1m40s elapsed]
TestTerraformCompleteExample 2022-07-30T22:58:28Z logger.go:66: module.confluent_platform.kubernetes_manifest.component["connect"]: Creation complete after 1m48s
TestTerraformCompleteExample 2022-07-30T22:58:30Z logger.go:66: module.confluent_platform.kubernetes_manifest.component["ksqldb"]: Still creating... [1m50s elapsed]
TestTerraformCompleteExample 2022-07-30T22:58:31Z logger.go:66: module.confluent_platform.kubernetes_manifest.component["schemaregistry"]: Still creating... [1m50s elapsed]
TestTerraformCompleteExample 2022-07-30T22:58:31Z logger.go:66: module.confluent_platform.kubernetes_manifest.component["kafkarestproxy"]: Still creating... [1m50s elapsed]
TestTerraformCompleteExample 2022-07-30T22:58:31Z logger.go:66: module.confluent_platform.kubernetes_manifest.component["controlcenter"]: Still creating... [1m50s elapsed]
TestTerraformCompleteExample 2022-07-30T22:58:40Z logger.go:66: module.confluent_platform.kubernetes_manifest.component["ksqldb"]: Still creating... [2m0s elapsed]
TestTerraformCompleteExample 2022-07-30T22:58:41Z logger.go:66: module.confluent_platform.kubernetes_manifest.component["schemaregistry"]: Still creating... [2m0s elapsed]
TestTerraformCompleteExample 2022-07-30T22:58:41Z logger.go:66: module.confluent_platform.kubernetes_manifest.component["kafkarestproxy"]: Still creating... [2m0s elapsed]
TestTerraformCompleteExample 2022-07-30T22:58:41Z logger.go:66: module.confluent_platform.kubernetes_manifest.component["controlcenter"]: Still creating... [2m0s elapsed]
TestTerraformCompleteExample 2022-07-30T22:58:50Z logger.go:66: module.confluent_platform.kubernetes_manifest.component["ksqldb"]: Still creating... [2m10s elapsed]
TestTerraformCompleteExample 2022-07-30T22:58:51Z logger.go:66: module.confluent_platform.kubernetes_manifest.component["schemaregistry"]: Still creating... [2m10s elapsed]
TestTerraformCompleteExample 2022-07-30T22:58:51Z logger.go:66: module.confluent_platform.kubernetes_manifest.component["kafkarestproxy"]: Still creating... [2m10s elapsed]
TestTerraformCompleteExample 2022-07-30T22:58:51Z logger.go:66: module.confluent_platform.kubernetes_manifest.component["controlcenter"]: Still creating... [2m10s elapsed]
TestTerraformCompleteExample 2022-07-30T22:59:00Z logger.go:66: module.confluent_platform.kubernetes_manifest.component["ksqldb"]: Still creating... [2m20s elapsed]
TestTerraformCompleteExample 2022-07-30T22:59:01Z logger.go:66: module.confluent_platform.kubernetes_manifest.component["schemaregistry"]: Still creating... [2m20s elapsed]
TestTerraformCompleteExample 2022-07-30T22:59:01Z logger.go:66: module.confluent_platform.kubernetes_manifest.component["kafkarestproxy"]: Still creating... [2m20s elapsed]
TestTerraformCompleteExample 2022-07-30T22:59:01Z logger.go:66: module.confluent_platform.kubernetes_manifest.component["controlcenter"]: Still creating... [2m20s elapsed]
TestTerraformCompleteExample 2022-07-30T22:59:10Z logger.go:66: module.confluent_platform.kubernetes_manifest.component["ksqldb"]: Still creating... [2m30s elapsed]
TestTerraformCompleteExample 2022-07-30T22:59:11Z logger.go:66: module.confluent_platform.kubernetes_manifest.component["schemaregistry"]: Still creating... [2m30s elapsed]
TestTerraformCompleteExample 2022-07-30T22:59:11Z logger.go:66: module.confluent_platform.kubernetes_manifest.component["kafkarestproxy"]: Still creating... [2m30s elapsed]
TestTerraformCompleteExample 2022-07-30T22:59:11Z logger.go:66: module.confluent_platform.kubernetes_manifest.component["controlcenter"]: Still creating... [2m30s elapsed]
TestTerraformCompleteExample 2022-07-30T22:59:20Z logger.go:66: module.confluent_platform.kubernetes_manifest.component["ksqldb"]: Still creating... [2m40s elapsed]
TestTerraformCompleteExample 2022-07-30T22:59:21Z logger.go:66: module.confluent_platform.kubernetes_manifest.component["schemaregistry"]: Still creating... [2m40s elapsed]
TestTerraformCompleteExample 2022-07-30T22:59:21Z logger.go:66: module.confluent_platform.kubernetes_manifest.component["kafkarestproxy"]: Still creating... [2m40s elapsed]
TestTerraformCompleteExample 2022-07-30T22:59:21Z logger.go:66: module.confluent_platform.kubernetes_manifest.component["controlcenter"]: Still creating... [2m40s elapsed]
TestTerraformCompleteExample 2022-07-30T22:59:30Z logger.go:66: module.confluent_platform.kubernetes_manifest.component["ksqldb"]: Still creating... [2m50s elapsed]
TestTerraformCompleteExample 2022-07-30T22:59:31Z logger.go:66: module.confluent_platform.kubernetes_manifest.component["schemaregistry"]: Still creating... [2m50s elapsed]
TestTerraformCompleteExample 2022-07-30T22:59:31Z logger.go:66: module.confluent_platform.kubernetes_manifest.component["kafkarestproxy"]: Still creating... [2m50s elapsed]
TestTerraformCompleteExample 2022-07-30T22:59:31Z logger.go:66: module.confluent_platform.kubernetes_manifest.component["controlcenter"]: Still creating... [2m50s elapsed]
TestTerraformCompleteExample 2022-07-30T22:59:40Z logger.go:66: module.confluent_platform.kubernetes_manifest.component["ksqldb"]: Still creating... [3m0s elapsed]
TestTerraformCompleteExample 2022-07-30T22:59:41Z logger.go:66: module.confluent_platform.kubernetes_manifest.component["schemaregistry"]: Still creating... [3m0s elapsed]
TestTerraformCompleteExample 2022-07-30T22:59:41Z logger.go:66: module.confluent_platform.kubernetes_manifest.component["kafkarestproxy"]: Still creating... [3m0s elapsed]
TestTerraformCompleteExample 2022-07-30T22:59:41Z logger.go:66: module.confluent_platform.kubernetes_manifest.component["controlcenter"]: Still creating... [3m0s elapsed]
TestTerraformCompleteExample 2022-07-30T22:59:41Z logger.go:66: module.confluent_platform.kubernetes_manifest.component["kafkarestproxy"]: Creation complete after 3m0s
TestTerraformCompleteExample 2022-07-30T22:59:47Z logger.go:66: module.confluent_platform.kubernetes_manifest.component["schemaregistry"]: Creation complete after 3m7s
TestTerraformCompleteExample 2022-07-30T22:59:50Z logger.go:66: module.confluent_platform.kubernetes_manifest.component["ksqldb"]: Still creating... [3m10s elapsed]
TestTerraformCompleteExample 2022-07-30T22:59:51Z logger.go:66: module.confluent_platform.kubernetes_manifest.component["controlcenter"]: Still creating... [3m10s elapsed]
TestTerraformCompleteExample 2022-07-30T23:00:00Z logger.go:66: module.confluent_platform.kubernetes_manifest.component["ksqldb"]: Still creating... [3m20s elapsed]
TestTerraformCompleteExample 2022-07-30T23:00:01Z logger.go:66: module.confluent_platform.kubernetes_manifest.component["controlcenter"]: Still creating... [3m20s elapsed]
TestTerraformCompleteExample 2022-07-30T23:00:10Z logger.go:66: module.confluent_platform.kubernetes_manifest.component["ksqldb"]: Still creating... [3m30s elapsed]
TestTerraformCompleteExample 2022-07-30T23:00:11Z logger.go:66: module.confluent_platform.kubernetes_manifest.component["controlcenter"]: Still creating... [3m30s elapsed]
TestTerraformCompleteExample 2022-07-30T23:00:20Z logger.go:66: module.confluent_platform.kubernetes_manifest.component["ksqldb"]: Still creating... [3m40s elapsed]
TestTerraformCompleteExample 2022-07-30T23:00:21Z logger.go:66: module.confluent_platform.kubernetes_manifest.component["controlcenter"]: Still creating... [3m40s elapsed]
TestTerraformCompleteExample 2022-07-30T23:00:30Z logger.go:66: module.confluent_platform.kubernetes_manifest.component["ksqldb"]: Still creating... [3m50s elapsed]
TestTerraformCompleteExample 2022-07-30T23:00:31Z logger.go:66: module.confluent_platform.kubernetes_manifest.component["controlcenter"]: Still creating... [3m50s elapsed]
TestTerraformCompleteExample 2022-07-30T23:00:40Z logger.go:66: module.confluent_platform.kubernetes_manifest.component["ksqldb"]: Still creating... [4m0s elapsed]
TestTerraformCompleteExample 2022-07-30T23:00:41Z logger.go:66: module.confluent_platform.kubernetes_manifest.component["controlcenter"]: Still creating... [4m0s elapsed]
TestTerraformCompleteExample 2022-07-30T23:00:50Z logger.go:66: module.confluent_platform.kubernetes_manifest.component["ksqldb"]: Still creating... [4m10s elapsed]
TestTerraformCompleteExample 2022-07-30T23:00:51Z logger.go:66: module.confluent_platform.kubernetes_manifest.component["controlcenter"]: Still creating... [4m10s elapsed]
TestTerraformCompleteExample 2022-07-30T23:01:00Z logger.go:66: module.confluent_platform.kubernetes_manifest.component["ksqldb"]: Still creating... [4m20s elapsed]
TestTerraformCompleteExample 2022-07-30T23:01:01Z logger.go:66: module.confluent_platform.kubernetes_manifest.component["controlcenter"]: Still creating... [4m20s elapsed]
TestTerraformCompleteExample 2022-07-30T23:01:10Z logger.go:66: module.confluent_platform.kubernetes_manifest.component["ksqldb"]: Still creating... [4m30s elapsed]
TestTerraformCompleteExample 2022-07-30T23:01:11Z logger.go:66: module.confluent_platform.kubernetes_manifest.component["controlcenter"]: Still creating... [4m30s elapsed]
TestTerraformCompleteExample 2022-07-30T23:01:21Z logger.go:66: module.confluent_platform.kubernetes_manifest.component["ksqldb"]: Still creating... [4m40s elapsed]
TestTerraformCompleteExample 2022-07-30T23:01:21Z logger.go:66: module.confluent_platform.kubernetes_manifest.component["controlcenter"]: Still creating... [4m40s elapsed]
TestTerraformCompleteExample 2022-07-30T23:01:31Z logger.go:66: module.confluent_platform.kubernetes_manifest.component["ksqldb"]: Still creating... [4m50s elapsed]
TestTerraformCompleteExample 2022-07-30T23:01:31Z logger.go:66: module.confluent_platform.kubernetes_manifest.component["controlcenter"]: Still creating... [4m50s elapsed]
TestTerraformCompleteExample 2022-07-30T23:01:41Z logger.go:66: module.confluent_platform.kubernetes_manifest.component["ksqldb"]: Still creating... [5m0s elapsed]
TestTerraformCompleteExample 2022-07-30T23:01:41Z logger.go:66: module.confluent_platform.kubernetes_manifest.component["controlcenter"]: Still creating... [5m0s elapsed]
TestTerraformCompleteExample 2022-07-30T23:01:51Z logger.go:66: module.confluent_platform.kubernetes_manifest.component["ksqldb"]: Still creating... [5m10s elapsed]
TestTerraformCompleteExample 2022-07-30T23:01:51Z logger.go:66: module.confluent_platform.kubernetes_manifest.component["controlcenter"]: Still creating... [5m10s elapsed]
TestTerraformCompleteExample 2022-07-30T23:02:00Z logger.go:66: module.confluent_platform.kubernetes_manifest.component["ksqldb"]: Still creating... [5m20s elapsed]
TestTerraformCompleteExample 2022-07-30T23:02:01Z logger.go:66: module.confluent_platform.kubernetes_manifest.component["controlcenter"]: Still creating... [5m20s elapsed]
TestTerraformCompleteExample 2022-07-30T23:02:11Z logger.go:66: module.confluent_platform.kubernetes_manifest.component["ksqldb"]: Still creating... [5m30s elapsed]
TestTerraformCompleteExample 2022-07-30T23:02:11Z logger.go:66: module.confluent_platform.kubernetes_manifest.component["controlcenter"]: Still creating... [5m30s elapsed]
TestTerraformCompleteExample 2022-07-30T23:02:21Z logger.go:66: module.confluent_platform.kubernetes_manifest.component["ksqldb"]: Still creating... [5m40s elapsed]
TestTerraformCompleteExample 2022-07-30T23:02:21Z logger.go:66: module.confluent_platform.kubernetes_manifest.component["controlcenter"]: Still creating... [5m40s elapsed]
TestTerraformCompleteExample 2022-07-30T23:02:30Z logger.go:66: module.confluent_platform.kubernetes_manifest.component["ksqldb"]: Still creating... [5m50s elapsed]
TestTerraformCompleteExample 2022-07-30T23:02:31Z logger.go:66: module.confluent_platform.kubernetes_manifest.component["controlcenter"]: Still creating... [5m50s elapsed]
TestTerraformCompleteExample 2022-07-30T23:02:40Z logger.go:66: module.confluent_platform.kubernetes_manifest.component["ksqldb"]: Still creating... [6m0s elapsed]
TestTerraformCompleteExample 2022-07-30T23:02:41Z logger.go:66: module.confluent_platform.kubernetes_manifest.component["controlcenter"]: Still creating... [6m0s elapsed]
TestTerraformCompleteExample 2022-07-30T23:02:50Z logger.go:66: module.confluent_platform.kubernetes_manifest.component["ksqldb"]: Still creating... [6m10s elapsed]
TestTerraformCompleteExample 2022-07-30T23:02:51Z logger.go:66: module.confluent_platform.kubernetes_manifest.component["controlcenter"]: Still creating... [6m10s elapsed]
TestTerraformCompleteExample 2022-07-30T23:02:53Z logger.go:66: module.confluent_platform.kubernetes_manifest.component["ksqldb"]: Creation complete after 6m13s
TestTerraformCompleteExample 2022-07-30T23:03:01Z logger.go:66: module.confluent_platform.kubernetes_manifest.component["controlcenter"]: Still creating... [6m20s elapsed]
TestTerraformCompleteExample 2022-07-30T23:03:11Z logger.go:66: module.confluent_platform.kubernetes_manifest.component["controlcenter"]: Still creating... [6m30s elapsed]
TestTerraformCompleteExample 2022-07-30T23:03:21Z logger.go:66: module.confluent_platform.kubernetes_manifest.component["controlcenter"]: Still creating... [6m40s elapsed]
TestTerraformCompleteExample 2022-07-30T23:03:31Z logger.go:66: module.confluent_platform.kubernetes_manifest.component["controlcenter"]: Still creating... [6m50s elapsed]
TestTerraformCompleteExample 2022-07-30T23:03:41Z logger.go:66: module.confluent_platform.kubernetes_manifest.component["controlcenter"]: Still creating... [7m0s elapsed]
TestTerraformCompleteExample 2022-07-30T23:03:51Z logger.go:66: module.confluent_platform.kubernetes_manifest.component["controlcenter"]: Still creating... [7m10s elapsed]
TestTerraformCompleteExample 2022-07-30T23:04:01Z logger.go:66: module.confluent_platform.kubernetes_manifest.component["controlcenter"]: Still creating... [7m20s elapsed]
TestTerraformCompleteExample 2022-07-30T23:04:11Z logger.go:66: module.confluent_platform.kubernetes_manifest.component["controlcenter"]: Still creating... [7m30s elapsed]
TestTerraformCompleteExample 2022-07-30T23:04:21Z logger.go:66: module.confluent_platform.kubernetes_manifest.component["controlcenter"]: Still creating... [7m40s elapsed]
TestTerraformCompleteExample 2022-07-30T23:04:31Z logger.go:66: module.confluent_platform.kubernetes_manifest.component["controlcenter"]: Still creating... [7m50s elapsed]
TestTerraformCompleteExample 2022-07-30T23:04:41Z logger.go:66: module.confluent_platform.kubernetes_manifest.component["controlcenter"]: Still creating... [8m0s elapsed]
TestTerraformCompleteExample 2022-07-30T23:04:51Z logger.go:66: module.confluent_platform.kubernetes_manifest.component["controlcenter"]: Still creating... [8m10s elapsed]
TestTerraformCompleteExample 2022-07-30T23:05:01Z logger.go:66: module.confluent_platform.kubernetes_manifest.component["controlcenter"]: Still creating... [8m20s elapsed]
TestTerraformCompleteExample 2022-07-30T23:05:11Z logger.go:66: module.confluent_platform.kubernetes_manifest.component["controlcenter"]: Still creating... [8m30s elapsed]
TestTerraformCompleteExample 2022-07-30T23:05:21Z logger.go:66: module.confluent_platform.kubernetes_manifest.component["controlcenter"]: Still creating... [8m40s elapsed]
TestTerraformCompleteExample 2022-07-30T23:05:25Z logger.go:66: module.confluent_platform.kubernetes_manifest.component["controlcenter"]: Creation complete after 8m43s
TestTerraformCompleteExample 2022-07-30T23:05:28Z logger.go:66:
TestTerraformCompleteExample 2022-07-30T23:05:28Z logger.go:66: Apply complete! Resources: 9 added, 0 changed, 0 destroyed.
TestTerraformCompleteExample 2022-07-30T23:05:28Z logger.go:66:
TestTerraformCompleteExample 2022-07-30T23:05:28Z logger.go:66: Outputs:
TestTerraformCompleteExample 2022-07-30T23:05:28Z logger.go:66:
TestTerraformCompleteExample 2022-07-30T23:05:28Z logger.go:66: confluent_operator = [
TestTerraformCompleteExample 2022-07-30T23:05:28Z logger.go:66:   {
TestTerraformCompleteExample 2022-07-30T23:05:28Z logger.go:66:     "app_version" = "2.4.0"
TestTerraformCompleteExample 2022-07-30T23:05:28Z logger.go:66:     "chart_version" = "0.517.12"
TestTerraformCompleteExample 2022-07-30T23:05:28Z logger.go:66:     "namespace" = "confluent"
TestTerraformCompleteExample 2022-07-30T23:05:28Z logger.go:66:   },
TestTerraformCompleteExample 2022-07-30T23:05:28Z logger.go:66: ]
TestTerraformCompleteExample 2022-07-30T23:05:28Z logger.go:66: kafka = {
TestTerraformCompleteExample 2022-07-30T23:05:28Z logger.go:66:   "apiVersion" = "platform.confluent.io/v1beta1"
TestTerraformCompleteExample 2022-07-30T23:05:28Z logger.go:66:   "kind" = "Kafka"
TestTerraformCompleteExample 2022-07-30T23:05:28Z logger.go:66:   "metadata" = {
TestTerraformCompleteExample 2022-07-30T23:05:28Z logger.go:66:     "name" = "kafka"
TestTerraformCompleteExample 2022-07-30T23:05:28Z logger.go:66:     "namespace" = "confluent"
TestTerraformCompleteExample 2022-07-30T23:05:28Z logger.go:66:   }
TestTerraformCompleteExample 2022-07-30T23:05:28Z logger.go:66:   "spec" = {
TestTerraformCompleteExample 2022-07-30T23:05:28Z logger.go:66:     "dataVolumeCapacity" = "10Gi"
TestTerraformCompleteExample 2022-07-30T23:05:28Z logger.go:66:     "image" = {
TestTerraformCompleteExample 2022-07-30T23:05:28Z logger.go:66:       "application" = "confluentinc/cp-server:7.2.0"
TestTerraformCompleteExample 2022-07-30T23:05:28Z logger.go:66:       "init" = "confluentinc/confluent-init-container:2.4.0"
TestTerraformCompleteExample 2022-07-30T23:05:28Z logger.go:66:     }
TestTerraformCompleteExample 2022-07-30T23:05:28Z logger.go:66:     "metricReporter" = {
TestTerraformCompleteExample 2022-07-30T23:05:28Z logger.go:66:       "enabled" = true
TestTerraformCompleteExample 2022-07-30T23:05:28Z logger.go:66:     }
TestTerraformCompleteExample 2022-07-30T23:05:28Z logger.go:66:     "replicas" = 3
TestTerraformCompleteExample 2022-07-30T23:05:28Z logger.go:66:   }
TestTerraformCompleteExample 2022-07-30T23:05:28Z logger.go:66: }
TestTerraformCompleteExample 2022-07-30T23:05:28Z logger.go:66: namespace = "confluent"
TestTerraformCompleteExample 2022-07-30T23:05:28Z logger.go:66: zookeeper = {
TestTerraformCompleteExample 2022-07-30T23:05:28Z logger.go:66:   "apiVersion" = "platform.confluent.io/v1beta1"
TestTerraformCompleteExample 2022-07-30T23:05:28Z logger.go:66:   "kind" = "Zookeeper"
TestTerraformCompleteExample 2022-07-30T23:05:28Z logger.go:66:   "metadata" = {
TestTerraformCompleteExample 2022-07-30T23:05:28Z logger.go:66:     "name" = "zookeeper"
TestTerraformCompleteExample 2022-07-30T23:05:28Z logger.go:66:     "namespace" = "confluent"
TestTerraformCompleteExample 2022-07-30T23:05:28Z logger.go:66:   }
TestTerraformCompleteExample 2022-07-30T23:05:28Z logger.go:66:   "spec" = {
TestTerraformCompleteExample 2022-07-30T23:05:28Z logger.go:66:     "dataVolumeCapacity" = "10Gi"
TestTerraformCompleteExample 2022-07-30T23:05:28Z logger.go:66:     "image" = {
TestTerraformCompleteExample 2022-07-30T23:05:28Z logger.go:66:       "application" = "confluentinc/cp-zookeeper:7.2.0"
TestTerraformCompleteExample 2022-07-30T23:05:28Z logger.go:66:       "init" = "confluentinc/confluent-init-container:2.4.0"
TestTerraformCompleteExample 2022-07-30T23:05:28Z logger.go:66:     }
TestTerraformCompleteExample 2022-07-30T23:05:28Z logger.go:66:     "logVolumeCapacity" = "10Gi"
TestTerraformCompleteExample 2022-07-30T23:05:28Z logger.go:66:     "replicas" = 3
TestTerraformCompleteExample 2022-07-30T23:05:28Z logger.go:66:   }
TestTerraformCompleteExample 2022-07-30T23:05:28Z logger.go:66: }
TestTerraformCompleteExample 2022-07-30T23:05:28Z retry.go:91: terraform [output -no-color -json zookeeper]
TestTerraformCompleteExample 2022-07-30T23:05:28Z logger.go:66: Running command terraform with args [output -no-color -json zookeeper]
TestTerraformCompleteExample 2022-07-30T23:05:30Z logger.go:66: {"apiVersion":"platform.confluent.io/v1beta1","kind":"Zookeeper","metadata":{"name":"zookeeper","namespace":"confluent"},"spec":{"dataVolumeCapacity":"10Gi","image":{"application":"confluentinc/cp-zookeeper:7.2.0","init":"confluentinc/confluent-init-container:2.4.0"},"logVolumeCapacity":"10Gi","replicas":3}}
TestTerraformCompleteExample 2022-07-30T23:05:30Z retry.go:91: terraform [output -no-color -json kafka]
TestTerraformCompleteExample 2022-07-30T23:05:30Z logger.go:66: Running command terraform with args [output -no-color -json kafka]
TestTerraformCompleteExample 2022-07-30T23:05:31Z logger.go:66: {"apiVersion":"platform.confluent.io/v1beta1","kind":"Kafka","metadata":{"name":"kafka","namespace":"confluent"},"spec":{"dataVolumeCapacity":"10Gi","image":{"application":"confluentinc/cp-server:7.2.0","init":"confluentinc/confluent-init-container:2.4.0"},"metricReporter":{"enabled":true},"replicas":3}}
TestTerraformCompleteExample 2022-07-30T23:05:31Z retry.go:91: terraform [destroy -auto-approve -input=false -no-color -lock=false]
TestTerraformCompleteExample 2022-07-30T23:05:31Z logger.go:66: Running command terraform with args [destroy -auto-approve -input=false -no-color -lock=false]
TestTerraformCompleteExample 2022-07-30T23:05:33Z logger.go:66: module.confluent_platform.module.confluent_operator[0].kubernetes_namespace_v1.namespace[0]: Refreshing state... [id=confluent]
TestTerraformCompleteExample 2022-07-30T23:05:33Z logger.go:66: module.confluent_platform.module.confluent_operator[0].helm_release.confluent_operator[0]: Refreshing state... [id=confluent-operator]
TestTerraformCompleteExample 2022-07-30T23:05:53Z logger.go:66: module.confluent_platform.kubernetes_manifest.component["controlcenter"]: Refreshing state...
TestTerraformCompleteExample 2022-07-30T23:05:55Z logger.go:66: module.confluent_platform.kubernetes_manifest.component["zookeeper"]: Refreshing state...
TestTerraformCompleteExample 2022-07-30T23:05:55Z logger.go:66: module.confluent_platform.kubernetes_manifest.component["kafkarestproxy"]: Refreshing state...
TestTerraformCompleteExample 2022-07-30T23:05:56Z logger.go:66: module.confluent_platform.kubernetes_manifest.component["connect"]: Refreshing state...
TestTerraformCompleteExample 2022-07-30T23:05:56Z logger.go:66: module.confluent_platform.kubernetes_manifest.component["ksqldb"]: Refreshing state...
TestTerraformCompleteExample 2022-07-30T23:05:56Z logger.go:66: module.confluent_platform.kubernetes_manifest.component["kafka"]: Refreshing state...
TestTerraformCompleteExample 2022-07-30T23:05:57Z logger.go:66: module.confluent_platform.kubernetes_manifest.component["schemaregistry"]: Refreshing state...
TestTerraformCompleteExample 2022-07-30T23:06:07Z logger.go:66:
TestTerraformCompleteExample 2022-07-30T23:06:07Z logger.go:66: Terraform used the selected providers to generate the following execution
TestTerraformCompleteExample 2022-07-30T23:06:07Z logger.go:66: plan. Resource actions are indicated with the following symbols:
TestTerraformCompleteExample 2022-07-30T23:06:07Z logger.go:66:   - destroy
TestTerraformCompleteExample 2022-07-30T23:06:07Z logger.go:66:
TestTerraformCompleteExample 2022-07-30T23:06:07Z logger.go:66: Terraform will perform the following actions:
TestTerraformCompleteExample 2022-07-30T23:06:07Z logger.go:66:
TestTerraformCompleteExample 2022-07-30T23:06:07Z logger.go:66:   # module.confluent_platform.kubernetes_manifest.component["connect"] will be destroyed
TestTerraformCompleteExample 2022-07-30T23:06:07Z logger.go:66:   - resource "kubernetes_manifest" "component" {
TestTerraformCompleteExample 2022-07-30T23:06:07Z logger.go:66:       - computed_fields = [
TestTerraformCompleteExample 2022-07-30T23:06:07Z logger.go:66:           - "metadata.finalizers",
TestTerraformCompleteExample 2022-07-30T23:06:07Z logger.go:66:         ] -> null
TestTerraformCompleteExample 2022-07-30T23:06:07Z logger.go:66:       - manifest        = {
TestTerraformCompleteExample 2022-07-30T23:06:07Z logger.go:66:           - apiVersion = "platform.confluent.io/v1beta1"
TestTerraformCompleteExample 2022-07-30T23:06:07Z logger.go:66:           - kind       = "Connect"
TestTerraformCompleteExample 2022-07-30T23:06:07Z logger.go:66:           - metadata   = {
TestTerraformCompleteExample 2022-07-30T23:06:07Z logger.go:66:               - name      = "connect"
TestTerraformCompleteExample 2022-07-30T23:06:07Z logger.go:66:               - namespace = "confluent"
TestTerraformCompleteExample 2022-07-30T23:06:07Z logger.go:66:             }
TestTerraformCompleteExample 2022-07-30T23:06:07Z logger.go:66:           - spec       = {
TestTerraformCompleteExample 2022-07-30T23:06:07Z logger.go:66:               - dependencies = {
TestTerraformCompleteExample 2022-07-30T23:06:07Z logger.go:66:                   - kafka = {
TestTerraformCompleteExample 2022-07-30T23:06:07Z logger.go:66:                       - bootstrapEndpoint = "kafka:9071"
TestTerraformCompleteExample 2022-07-30T23:06:07Z logger.go:66:                     }
TestTerraformCompleteExample 2022-07-30T23:06:07Z logger.go:66:                 }
TestTerraformCompleteExample 2022-07-30T23:06:07Z logger.go:66:               - image        = {
TestTerraformCompleteExample 2022-07-30T23:06:07Z logger.go:66:                   - application = "confluentinc/cp-server-connect:7.2.0"
TestTerraformCompleteExample 2022-07-30T23:06:07Z logger.go:66:                   - init        = "confluentinc/confluent-init-container:2.4.0"
TestTerraformCompleteExample 2022-07-30T23:06:07Z logger.go:66:                 }
TestTerraformCompleteExample 2022-07-30T23:06:07Z logger.go:66:               - replicas     = 1
TestTerraformCompleteExample 2022-07-30T23:06:07Z logger.go:66:             }
TestTerraformCompleteExample 2022-07-30T23:06:07Z logger.go:66:         } -> null
TestTerraformCompleteExample 2022-07-30T23:06:07Z logger.go:66:       - object          = {
TestTerraformCompleteExample 2022-07-30T23:06:07Z logger.go:66:           - apiVersion = "platform.confluent.io/v1beta1"
TestTerraformCompleteExample 2022-07-30T23:06:07Z logger.go:66:           - kind       = "Connect"
TestTerraformCompleteExample 2022-07-30T23:06:07Z logger.go:66:           - metadata   = {
TestTerraformCompleteExample 2022-07-30T23:06:07Z logger.go:66:               - annotations                = null
TestTerraformCompleteExample 2022-07-30T23:06:07Z logger.go:66:               - clusterName                = null
TestTerraformCompleteExample 2022-07-30T23:06:07Z logger.go:66:               - creationTimestamp          = null
TestTerraformCompleteExample 2022-07-30T23:06:07Z logger.go:66:               - deletionGracePeriodSeconds = null
TestTerraformCompleteExample 2022-07-30T23:06:07Z logger.go:66:               - deletionTimestamp          = null
TestTerraformCompleteExample 2022-07-30T23:06:07Z logger.go:66:               - finalizers                 = [
TestTerraformCompleteExample 2022-07-30T23:06:07Z logger.go:66:                   - "connect.finalizers.platform.confluent.io",
TestTerraformCompleteExample 2022-07-30T23:06:07Z logger.go:66:                 ]
TestTerraformCompleteExample 2022-07-30T23:06:07Z logger.go:66:               - generateName               = null
TestTerraformCompleteExample 2022-07-30T23:06:07Z logger.go:66:               - generation                 = null
TestTerraformCompleteExample 2022-07-30T23:06:07Z logger.go:66:               - labels                     = null
TestTerraformCompleteExample 2022-07-30T23:06:07Z logger.go:66:               - managedFields              = null
TestTerraformCompleteExample 2022-07-30T23:06:07Z logger.go:66:               - name                       = "connect"
TestTerraformCompleteExample 2022-07-30T23:06:07Z logger.go:66:               - namespace                  = "confluent"
TestTerraformCompleteExample 2022-07-30T23:06:07Z logger.go:66:               - ownerReferences            = null
TestTerraformCompleteExample 2022-07-30T23:06:07Z logger.go:66:               - resourceVersion            = null
TestTerraformCompleteExample 2022-07-30T23:06:07Z logger.go:66:               - selfLink                   = null
TestTerraformCompleteExample 2022-07-30T23:06:07Z logger.go:66:               - uid                        = null
TestTerraformCompleteExample 2022-07-30T23:06:07Z logger.go:66:             }
TestTerraformCompleteExample 2022-07-30T23:06:07Z logger.go:66:           - spec       = {
TestTerraformCompleteExample 2022-07-30T23:06:07Z logger.go:66:               - authentication                 = {
TestTerraformCompleteExample 2022-07-30T23:06:07Z logger.go:66:                   - basic = {
TestTerraformCompleteExample 2022-07-30T23:06:07Z logger.go:66:                       - debug                    = null
TestTerraformCompleteExample 2022-07-30T23:06:07Z logger.go:66:                       - directoryPathInContainer = null
TestTerraformCompleteExample 2022-07-30T23:06:07Z logger.go:66:                       - restrictedRoles          = null
TestTerraformCompleteExample 2022-07-30T23:06:07Z logger.go:66:                       - roles                    = null
TestTerraformCompleteExample 2022-07-30T23:06:07Z logger.go:66:                       - secretRef                = null
TestTerraformCompleteExample 2022-07-30T23:06:07Z logger.go:66:                     }
TestTerraformCompleteExample 2022-07-30T23:06:07Z logger.go:66:                   - type  = null
TestTerraformCompleteExample 2022-07-30T23:06:07Z logger.go:66:                 }
TestTerraformCompleteExample 2022-07-30T23:06:07Z logger.go:66:               - authorization                  = {
TestTerraformCompleteExample 2022-07-30T23:06:07Z logger.go:66:                   - kafkaRestClassRef = {
TestTerraformCompleteExample 2022-07-30T23:06:07Z logger.go:66:                       - name      = null
TestTerraformCompleteExample 2022-07-30T23:06:07Z logger.go:66:                       - namespace = null
TestTerraformCompleteExample 2022-07-30T23:06:07Z logger.go:66:                     }
TestTerraformCompleteExample 2022-07-30T23:06:07Z logger.go:66:                   - type              = null
TestTerraformCompleteExample 2022-07-30T23:06:07Z logger.go:66:                 }
TestTerraformCompleteExample 2022-07-30T23:06:07Z logger.go:66:               - build                          = {
TestTerraformCompleteExample 2022-07-30T23:06:07Z logger.go:66:                   - onDemand = {
TestTerraformCompleteExample 2022-07-30T23:06:07Z logger.go:66:                       - plugins      = {
TestTerraformCompleteExample 2022-07-30T23:06:07Z logger.go:66:                           - confluentHub = null
TestTerraformCompleteExample 2022-07-30T23:06:07Z logger.go:66:                           - locationType = null
TestTerraformCompleteExample 2022-07-30T23:06:07Z logger.go:66:                           - url          = null
TestTerraformCompleteExample 2022-07-30T23:06:07Z logger.go:66:                         }
TestTerraformCompleteExample 2022-07-30T23:06:07Z logger.go:66:                       - storageLimit = null
TestTerraformCompleteExample 2022-07-30T23:06:07Z logger.go:66:                     }
TestTerraformCompleteExample 2022-07-30T23:06:07Z logger.go:66:                   - type     = null
TestTerraformCompleteExample 2022-07-30T23:06:07Z logger.go:66:                 }
TestTerraformCompleteExample 2022-07-30T23:06:07Z logger.go:66:               - configOverrides                = {
TestTerraformCompleteExample 2022-07-30T23:06:07Z logger.go:66:                   - jvm    = null
TestTerraformCompleteExample 2022-07-30T23:06:07Z logger.go:66:                   - log4j  = null
TestTerraformCompleteExample 2022-07-30T23:06:07Z logger.go:66:                   - server = null
TestTerraformCompleteExample 2022-07-30T23:06:07Z logger.go:66:                 }
TestTerraformCompleteExample 2022-07-30T23:06:07Z logger.go:66:               - connectorOverridePolicy        = null
TestTerraformCompleteExample 2022-07-30T23:06:07Z logger.go:66:               - connectorTLSCerts              = null
TestTerraformCompleteExample 2022-07-30T23:06:07Z logger.go:66:               - dependencies                   = {
TestTerraformCompleteExample 2022-07-30T23:06:07Z logger.go:66:                   - admin          = {
TestTerraformCompleteExample 2022-07-30T23:06:07Z logger.go:66:                       - authentication    = {
TestTerraformCompleteExample 2022-07-30T23:06:07Z logger.go:66:                           - jaasConfig            = {
TestTerraformCompleteExample 2022-07-30T23:06:07Z logger.go:66:                               - secretRef = null
TestTerraformCompleteExample 2022-07-30T23:06:07Z logger.go:66:                             }
TestTerraformCompleteExample 2022-07-30T23:06:07Z logger.go:66:                           - jaasConfigPassThrough = {
TestTerraformCompleteExample 2022-07-30T23:06:07Z logger.go:66:                               - directoryPathInContainer = null
TestTerraformCompleteExample 2022-07-30T23:06:07Z logger.go:66:                               - secretRef                = null
TestTerraformCompleteExample 2022-07-30T23:06:07Z logger.go:66:                             }
TestTerraformCompleteExample 2022-07-30T23:06:07Z logger.go:66:                           - oauthbearer           = {
TestTerraformCompleteExample 2022-07-30T23:06:07Z logger.go:66:                               - directoryPathInContainer = null
TestTerraformCompleteExample 2022-07-30T23:06:07Z logger.go:66:                               - secretRef                = null
TestTerraformCompleteExample 2022-07-30T23:06:07Z logger.go:66:                             }
TestTerraformCompleteExample 2022-07-30T23:06:07Z logger.go:66:                           - type                  = null
TestTerraformCompleteExample 2022-07-30T23:06:07Z logger.go:66:                         }
TestTerraformCompleteExample 2022-07-30T23:06:07Z logger.go:66:                       - bootstrapEndpoint = null
TestTerraformCompleteExample 2022-07-30T23:06:07Z logger.go:66:                       - discovery         = {
TestTerraformCompleteExample 2022-07-30T23:06:07Z logger.go:66:                           - name      = null
TestTerraformCompleteExample 2022-07-30T23:06:07Z logger.go:66:                           - namespace = null
TestTerraformCompleteExample 2022-07-30T23:06:07Z logger.go:66:                           - secretRef = null
TestTerraformCompleteExample 2022-07-30T23:06:07Z logger.go:66:                         }
TestTerraformCompleteExample 2022-07-30T23:06:07Z logger.go:66:                       - tls               = {
TestTerraformCompleteExample 2022-07-30T23:06:07Z logger.go:66:                           - directoryPathInContainer = null
TestTerraformCompleteExample 2022-07-30T23:06:07Z logger.go:66:                           - enabled                  = null
TestTerraformCompleteExample 2022-07-30T23:06:07Z logger.go:66:                           - ignoreTrustStoreConfig   = null
TestTerraformCompleteExample 2022-07-30T23:06:07Z logger.go:66:                           - jksPassword              = {
TestTerraformCompleteExample 2022-07-30T23:06:07Z logger.go:66:                               - secretRef = null
TestTerraformCompleteExample 2022-07-30T23:06:07Z logger.go:66:                             }
TestTerraformCompleteExample 2022-07-30T23:06:07Z logger.go:66:                           - secretRef                = null
TestTerraformCompleteExample 2022-07-30T23:06:07Z logger.go:66:                         }
TestTerraformCompleteExample 2022-07-30T23:06:07Z logger.go:66:                     }
TestTerraformCompleteExample 2022-07-30T23:06:07Z logger.go:66:                   - consumer       = {
TestTerraformCompleteExample 2022-07-30T23:06:07Z logger.go:66:                       - authentication    = {
TestTerraformCompleteExample 2022-07-30T23:06:07Z logger.go:66:                           - jaasConfig            = {
TestTerraformCompleteExample 2022-07-30T23:06:07Z logger.go:66:                               - secretRef = null
TestTerraformCompleteExample 2022-07-30T23:06:07Z logger.go:66:                             }
TestTerraformCompleteExample 2022-07-30T23:06:07Z logger.go:66:                           - jaasConfigPassThrough = {
TestTerraformCompleteExample 2022-07-30T23:06:07Z logger.go:66:                               - directoryPathInContainer = null
TestTerraformCompleteExample 2022-07-30T23:06:07Z logger.go:66:                               - secretRef                = null
TestTerraformCompleteExample 2022-07-30T23:06:07Z logger.go:66:                             }
TestTerraformCompleteExample 2022-07-30T23:06:07Z logger.go:66:                           - oauthbearer           = {
TestTerraformCompleteExample 2022-07-30T23:06:07Z logger.go:66:                               - directoryPathInContainer = null
TestTerraformCompleteExample 2022-07-30T23:06:07Z logger.go:66:                               - secretRef                = null
TestTerraformCompleteExample 2022-07-30T23:06:07Z logger.go:66:                             }
TestTerraformCompleteExample 2022-07-30T23:06:07Z logger.go:66:                           - type                  = null
TestTerraformCompleteExample 2022-07-30T23:06:07Z logger.go:66:                         }
TestTerraformCompleteExample 2022-07-30T23:06:07Z logger.go:66:                       - bootstrapEndpoint = null
TestTerraformCompleteExample 2022-07-30T23:06:07Z logger.go:66:                       - discovery         = {
TestTerraformCompleteExample 2022-07-30T23:06:07Z logger.go:66:                           - name      = null
TestTerraformCompleteExample 2022-07-30T23:06:07Z logger.go:66:                           - namespace = null
TestTerraformCompleteExample 2022-07-30T23:06:07Z logger.go:66:                           - secretRef = null
TestTerraformCompleteExample 2022-07-30T23:06:07Z logger.go:66:                         }
TestTerraformCompleteExample 2022-07-30T23:06:07Z logger.go:66:                       - tls               = {
TestTerraformCompleteExample 2022-07-30T23:06:07Z logger.go:66:                           - directoryPathInContainer = null
TestTerraformCompleteExample 2022-07-30T23:06:07Z logger.go:66:                           - enabled                  = null
TestTerraformCompleteExample 2022-07-30T23:06:07Z logger.go:66:                           - ignoreTrustStoreConfig   = null
TestTerraformCompleteExample 2022-07-30T23:06:07Z logger.go:66:                           - jksPassword              = {
TestTerraformCompleteExample 2022-07-30T23:06:07Z logger.go:66:                               - secretRef = null
TestTerraformCompleteExample 2022-07-30T23:06:07Z logger.go:66:                             }
TestTerraformCompleteExample 2022-07-30T23:06:07Z logger.go:66:                           - secretRef                = null
TestTerraformCompleteExample 2022-07-30T23:06:07Z logger.go:66:                         }
TestTerraformCompleteExample 2022-07-30T23:06:07Z logger.go:66:                     }
TestTerraformCompleteExample 2022-07-30T23:06:07Z logger.go:66:                   - interceptor    = {
TestTerraformCompleteExample 2022-07-30T23:06:07Z logger.go:66:                       - configs   = null
TestTerraformCompleteExample 2022-07-30T23:06:07Z logger.go:66:                       - consumer  = {
TestTerraformCompleteExample 2022-07-30T23:06:07Z logger.go:66:                           - authentication    = {
TestTerraformCompleteExample 2022-07-30T23:06:07Z logger.go:66:                               - jaasConfig            = {
TestTerraformCompleteExample 2022-07-30T23:06:07Z logger.go:66:                                   - secretRef = null
TestTerraformCompleteExample 2022-07-30T23:06:07Z logger.go:66:                                 }
TestTerraformCompleteExample 2022-07-30T23:06:07Z logger.go:66:                               - jaasConfigPassThrough = {
TestTerraformCompleteExample 2022-07-30T23:06:07Z logger.go:66:                                   - directoryPathInContainer = null
TestTerraformCompleteExample 2022-07-30T23:06:07Z logger.go:66:                                   - secretRef                = null
TestTerraformCompleteExample 2022-07-30T23:06:07Z logger.go:66:                                 }
TestTerraformCompleteExample 2022-07-30T23:06:07Z logger.go:66:                               - oauthbearer           = {
TestTerraformCompleteExample 2022-07-30T23:06:07Z logger.go:66:                                   - directoryPathInContainer = null
TestTerraformCompleteExample 2022-07-30T23:06:07Z logger.go:66:                                   - secretRef                = null
TestTerraformCompleteExample 2022-07-30T23:06:07Z logger.go:66:                                 }
TestTerraformCompleteExample 2022-07-30T23:06:07Z logger.go:66:                               - type                  = null
TestTerraformCompleteExample 2022-07-30T23:06:07Z logger.go:66:                             }
TestTerraformCompleteExample 2022-07-30T23:06:07Z logger.go:66:                           - bootstrapEndpoint = null
TestTerraformCompleteExample 2022-07-30T23:06:07Z logger.go:66:                           - discovery         = {
TestTerraformCompleteExample 2022-07-30T23:06:07Z logger.go:66:                               - name      = null
TestTerraformCompleteExample 2022-07-30T23:06:07Z logger.go:66:                               - namespace = null
TestTerraformCompleteExample 2022-07-30T23:06:07Z logger.go:66:                               - secretRef = null
TestTerraformCompleteExample 2022-07-30T23:06:07Z logger.go:66:                             }
TestTerraformCompleteExample 2022-07-30T23:06:07Z logger.go:66:                           - tls               = {
TestTerraformCompleteExample 2022-07-30T23:06:07Z logger.go:66:                               - directoryPathInContainer = null
TestTerraformCompleteExample 2022-07-30T23:06:07Z logger.go:66:                               - enabled                  = null
TestTerraformCompleteExample 2022-07-30T23:06:07Z logger.go:66:                               - ignoreTrustStoreConfig   = null
TestTerraformCompleteExample 2022-07-30T23:06:07Z logger.go:66:                               - jksPassword              = {
TestTerraformCompleteExample 2022-07-30T23:06:07Z logger.go:66:                                   - secretRef = null
TestTerraformCompleteExample 2022-07-30T23:06:07Z logger.go:66:                                 }
TestTerraformCompleteExample 2022-07-30T23:06:07Z logger.go:66:                               - secretRef                = null
TestTerraformCompleteExample 2022-07-30T23:06:07Z logger.go:66:                             }
TestTerraformCompleteExample 2022-07-30T23:06:07Z logger.go:66:                         }
TestTerraformCompleteExample 2022-07-30T23:06:07Z logger.go:66:                       - enabled   = null
TestTerraformCompleteExample 2022-07-30T23:06:07Z logger.go:66:                       - producer  = {
TestTerraformCompleteExample 2022-07-30T23:06:07Z logger.go:66:                           - authentication    = {
TestTerraformCompleteExample 2022-07-30T23:06:07Z logger.go:66:                               - jaasConfig            = {
TestTerraformCompleteExample 2022-07-30T23:06:07Z logger.go:66:                                   - secretRef = null
TestTerraformCompleteExample 2022-07-30T23:06:07Z logger.go:66:                                 }
TestTerraformCompleteExample 2022-07-30T23:06:07Z logger.go:66:                               - jaasConfigPassThrough = {
TestTerraformCompleteExample 2022-07-30T23:06:07Z logger.go:66:                                   - directoryPathInContainer = null
TestTerraformCompleteExample 2022-07-30T23:06:07Z logger.go:66:                                   - secretRef                = null
TestTerraformCompleteExample 2022-07-30T23:06:07Z logger.go:66:                                 }
TestTerraformCompleteExample 2022-07-30T23:06:07Z logger.go:66:                               - oauthbearer           = {
TestTerraformCompleteExample 2022-07-30T23:06:07Z logger.go:66:                                   - directoryPathInContainer = null
TestTerraformCompleteExample 2022-07-30T23:06:07Z logger.go:66:                                   - secretRef                = null
TestTerraformCompleteExample 2022-07-30T23:06:07Z logger.go:66:                                 }
TestTerraformCompleteExample 2022-07-30T23:06:07Z logger.go:66:                               - type                  = null
TestTerraformCompleteExample 2022-07-30T23:06:07Z logger.go:66:                             }
TestTerraformCompleteExample 2022-07-30T23:06:07Z logger.go:66:                           - bootstrapEndpoint = null
TestTerraformCompleteExample 2022-07-30T23:06:07Z logger.go:66:                           - discovery         = {
TestTerraformCompleteExample 2022-07-30T23:06:07Z logger.go:66:                               - name      = null
TestTerraformCompleteExample 2022-07-30T23:06:07Z logger.go:66:                               - namespace = null
TestTerraformCompleteExample 2022-07-30T23:06:07Z logger.go:66:                               - secretRef = null
TestTerraformCompleteExample 2022-07-30T23:06:07Z logger.go:66:                             }
TestTerraformCompleteExample 2022-07-30T23:06:07Z logger.go:66:                           - tls               = {
TestTerraformCompleteExample 2022-07-30T23:06:07Z logger.go:66:                               - directoryPathInContainer = null
TestTerraformCompleteExample 2022-07-30T23:06:07Z logger.go:66:                               - enabled                  = null
TestTerraformCompleteExample 2022-07-30T23:06:07Z logger.go:66:                               - ignoreTrustStoreConfig   = null
TestTerraformCompleteExample 2022-07-30T23:06:07Z logger.go:66:                               - jksPassword              = {
TestTerraformCompleteExample 2022-07-30T23:06:07Z logger.go:66:                                   - secretRef = null
TestTerraformCompleteExample 2022-07-30T23:06:07Z logger.go:66:                                 }
TestTerraformCompleteExample 2022-07-30T23:06:07Z logger.go:66:                               - secretRef                = null
TestTerraformCompleteExample 2022-07-30T23:06:07Z logger.go:66:                             }
TestTerraformCompleteExample 2022-07-30T23:06:07Z logger.go:66:                         }
TestTerraformCompleteExample 2022-07-30T23:06:07Z logger.go:66:                       - publishMs = null
TestTerraformCompleteExample 2022-07-30T23:06:07Z logger.go:66:                     }
TestTerraformCompleteExample 2022-07-30T23:06:07Z logger.go:66:                   - kafka          = {
TestTerraformCompleteExample 2022-07-30T23:06:07Z logger.go:66:                       - authentication    = {
TestTerraformCompleteExample 2022-07-30T23:06:07Z logger.go:66:                           - jaasConfig            = {
TestTerraformCompleteExample 2022-07-30T23:06:07Z logger.go:66:                               - secretRef = null
TestTerraformCompleteExample 2022-07-30T23:06:07Z logger.go:66:                             }
TestTerraformCompleteExample 2022-07-30T23:06:07Z logger.go:66:                           - jaasConfigPassThrough = {
TestTerraformCompleteExample 2022-07-30T23:06:07Z logger.go:66:                               - directoryPathInContainer = null
TestTerraformCompleteExample 2022-07-30T23:06:07Z logger.go:66:                               - secretRef                = null
TestTerraformCompleteExample 2022-07-30T23:06:07Z logger.go:66:                             }
TestTerraformCompleteExample 2022-07-30T23:06:07Z logger.go:66:                           - oauthbearer           = {
TestTerraformCompleteExample 2022-07-30T23:06:07Z logger.go:66:                               - directoryPathInContainer = null
TestTerraformCompleteExample 2022-07-30T23:06:07Z logger.go:66:                               - secretRef                = null
TestTerraformCompleteExample 2022-07-30T23:06:07Z logger.go:66:                             }
TestTerraformCompleteExample 2022-07-30T23:06:07Z logger.go:66:                           - type                  = null
TestTerraformCompleteExample 2022-07-30T23:06:07Z logger.go:66:                         }
TestTerraformCompleteExample 2022-07-30T23:06:07Z logger.go:66:                       - bootstrapEndpoint = "kafka:9071"
TestTerraformCompleteExample 2022-07-30T23:06:07Z logger.go:66:                       - discovery         = {
TestTerraformCompleteExample 2022-07-30T23:06:07Z logger.go:66:                           - name      = null
TestTerraformCompleteExample 2022-07-30T23:06:07Z logger.go:66:                           - namespace = null
TestTerraformCompleteExample 2022-07-30T23:06:07Z logger.go:66:                           - secretRef = null
TestTerraformCompleteExample 2022-07-30T23:06:07Z logger.go:66:                         }
TestTerraformCompleteExample 2022-07-30T23:06:07Z logger.go:66:                       - tls               = {
TestTerraformCompleteExample 2022-07-30T23:06:07Z logger.go:66:                           - directoryPathInContainer = null
TestTerraformCompleteExample 2022-07-30T23:06:07Z logger.go:66:                           - enabled                  = null
TestTerraformCompleteExample 2022-07-30T23:06:07Z logger.go:66:                           - ignoreTrustStoreConfig   = null
TestTerraformCompleteExample 2022-07-30T23:06:07Z logger.go:66:                           - jksPassword              = {
TestTerraformCompleteExample 2022-07-30T23:06:07Z logger.go:66:                               - secretRef = null
TestTerraformCompleteExample 2022-07-30T23:06:07Z logger.go:66:                             }
TestTerraformCompleteExample 2022-07-30T23:06:07Z logger.go:66:                           - secretRef                = null
TestTerraformCompleteExample 2022-07-30T23:06:07Z logger.go:66:                         }
TestTerraformCompleteExample 2022-07-30T23:06:07Z logger.go:66:                     }
TestTerraformCompleteExample 2022-07-30T23:06:07Z logger.go:66:                   - mds            = {
TestTerraformCompleteExample 2022-07-30T23:06:07Z logger.go:66:                       - authentication = {
TestTerraformCompleteExample 2022-07-30T23:06:07Z logger.go:66:                           - bearer = {
TestTerraformCompleteExample 2022-07-30T23:06:07Z logger.go:66:                               - directoryPathInContainer = null
TestTerraformCompleteExample 2022-07-30T23:06:07Z logger.go:66:                               - secretRef                = null
TestTerraformCompleteExample 2022-07-30T23:06:07Z logger.go:66:                             }
TestTerraformCompleteExample 2022-07-30T23:06:07Z logger.go:66:                           - type   = null
TestTerraformCompleteExample 2022-07-30T23:06:07Z logger.go:66:                         }
TestTerraformCompleteExample 2022-07-30T23:06:07Z logger.go:66:                       - endpoint       = null
TestTerraformCompleteExample 2022-07-30T23:06:07Z logger.go:66:                       - tls            = {
TestTerraformCompleteExample 2022-07-30T23:06:07Z logger.go:66:                           - directoryPathInContainer = null
TestTerraformCompleteExample 2022-07-30T23:06:07Z logger.go:66:                           - enabled                  = null
TestTerraformCompleteExample 2022-07-30T23:06:07Z logger.go:66:                           - ignoreTrustStoreConfig   = null
TestTerraformCompleteExample 2022-07-30T23:06:07Z logger.go:66:                           - jksPassword              = {
TestTerraformCompleteExample 2022-07-30T23:06:07Z logger.go:66:                               - secretRef = null
TestTerraformCompleteExample 2022-07-30T23:06:07Z logger.go:66:                             }
TestTerraformCompleteExample 2022-07-30T23:06:07Z logger.go:66:                           - secretRef                = null
TestTerraformCompleteExample 2022-07-30T23:06:07Z logger.go:66:                         }
TestTerraformCompleteExample 2022-07-30T23:06:07Z logger.go:66:                       - tokenKeyPair   = {
TestTerraformCompleteExample 2022-07-30T23:06:07Z logger.go:66:                           - directoryPathInContainer = null
TestTerraformCompleteExample 2022-07-30T23:06:07Z logger.go:66:                           - secretRef                = null
TestTerraformCompleteExample 2022-07-30T23:06:07Z logger.go:66:                         }
TestTerraformCompleteExample 2022-07-30T23:06:07Z logger.go:66:                     }
TestTerraformCompleteExample 2022-07-30T23:06:07Z logger.go:66:                   - producer       = {
TestTerraformCompleteExample 2022-07-30T23:06:07Z logger.go:66:                       - authentication    = {
TestTerraformCompleteExample 2022-07-30T23:06:07Z logger.go:66:                           - jaasConfig            = {
TestTerraformCompleteExample 2022-07-30T23:06:07Z logger.go:66:                               - secretRef = null
TestTerraformCompleteExample 2022-07-30T23:06:07Z logger.go:66:                             }
TestTerraformCompleteExample 2022-07-30T23:06:07Z logger.go:66:                           - jaasConfigPassThrough = {
TestTerraformCompleteExample 2022-07-30T23:06:07Z logger.go:66:                               - directoryPathInContainer = null
TestTerraformCompleteExample 2022-07-30T23:06:07Z logger.go:66:                               - secretRef                = null
TestTerraformCompleteExample 2022-07-30T23:06:07Z logger.go:66:                             }
TestTerraformCompleteExample 2022-07-30T23:06:07Z logger.go:66:                           - oauthbearer           = {
TestTerraformCompleteExample 2022-07-30T23:06:07Z logger.go:66:                               - directoryPathInContainer = null
TestTerraformCompleteExample 2022-07-30T23:06:07Z logger.go:66:                               - secretRef                = null
TestTerraformCompleteExample 2022-07-30T23:06:07Z logger.go:66:                             }
TestTerraformCompleteExample 2022-07-30T23:06:07Z logger.go:66:                           - type                  = null
TestTerraformCompleteExample 2022-07-30T23:06:07Z logger.go:66:                         }
TestTerraformCompleteExample 2022-07-30T23:06:07Z logger.go:66:                       - bootstrapEndpoint = null
TestTerraformCompleteExample 2022-07-30T23:06:07Z logger.go:66:                       - discovery         = {
TestTerraformCompleteExample 2022-07-30T23:06:07Z logger.go:66:                           - name      = null
TestTerraformCompleteExample 2022-07-30T23:06:07Z logger.go:66:                           - namespace = null
TestTerraformCompleteExample 2022-07-30T23:06:07Z logger.go:66:                           - secretRef = null
TestTerraformCompleteExample 2022-07-30T23:06:07Z logger.go:66:                         }
TestTerraformCompleteExample 2022-07-30T23:06:07Z logger.go:66:                       - tls               = {
TestTerraformCompleteExample 2022-07-30T23:06:07Z logger.go:66:                           - directoryPathInContainer = null
TestTerraformCompleteExample 2022-07-30T23:06:07Z logger.go:66:                           - enabled                  = null
TestTerraformCompleteExample 2022-07-30T23:06:07Z logger.go:66:                           - ignoreTrustStoreConfig   = null
TestTerraformCompleteExample 2022-07-30T23:06:07Z logger.go:66:                           - jksPassword              = {
TestTerraformCompleteExample 2022-07-30T23:06:07Z logger.go:66:                               - secretRef = null
TestTerraformCompleteExample 2022-07-30T23:06:07Z logger.go:66:                             }
TestTerraformCompleteExample 2022-07-30T23:06:07Z logger.go:66:                           - secretRef                = null
TestTerraformCompleteExample 2022-07-30T23:06:07Z logger.go:66:                         }
TestTerraformCompleteExample 2022-07-30T23:06:07Z logger.go:66:                     }
TestTerraformCompleteExample 2022-07-30T23:06:07Z logger.go:66:                   - schemaRegistry = {
TestTerraformCompleteExample 2022-07-30T23:06:07Z logger.go:66:                       - authentication = {
TestTerraformCompleteExample 2022-07-30T23:06:07Z logger.go:66:                           - basic = {
TestTerraformCompleteExample 2022-07-30T23:06:07Z logger.go:66:                               - debug                    = null
TestTerraformCompleteExample 2022-07-30T23:06:07Z logger.go:66:                               - directoryPathInContainer = null
TestTerraformCompleteExample 2022-07-30T23:06:07Z logger.go:66:                               - restrictedRoles          = null
TestTerraformCompleteExample 2022-07-30T23:06:07Z logger.go:66:                               - roles                    = null
TestTerraformCompleteExample 2022-07-30T23:06:07Z logger.go:66:                               - secretRef                = null
TestTerraformCompleteExample 2022-07-30T23:06:07Z logger.go:66:                             }
TestTerraformCompleteExample 2022-07-30T23:06:07Z logger.go:66:                           - type  = null
TestTerraformCompleteExample 2022-07-30T23:06:07Z logger.go:66:                         }
TestTerraformCompleteExample 2022-07-30T23:06:07Z logger.go:66:                       - tls            = {
TestTerraformCompleteExample 2022-07-30T23:06:07Z logger.go:66:                           - directoryPathInContainer = null
TestTerraformCompleteExample 2022-07-30T23:06:07Z logger.go:66:                           - enabled                  = null
TestTerraformCompleteExample 2022-07-30T23:06:07Z logger.go:66:                           - ignoreTrustStoreConfig   = null
TestTerraformCompleteExample 2022-07-30T23:06:07Z logger.go:66:                           - jksPassword              = {
TestTerraformCompleteExample 2022-07-30T23:06:07Z logger.go:66:                               - secretRef = null
TestTerraformCompleteExample 2022-07-30T23:06:07Z logger.go:66:                             }
TestTerraformCompleteExample 2022-07-30T23:06:07Z logger.go:66:                           - secretRef                = null
TestTerraformCompleteExample 2022-07-30T23:06:07Z logger.go:66:                         }
TestTerraformCompleteExample 2022-07-30T23:06:07Z logger.go:66:                       - url            = null
TestTerraformCompleteExample 2022-07-30T23:06:07Z logger.go:66:                     }
TestTerraformCompleteExample 2022-07-30T23:06:07Z logger.go:66:                 }
TestTerraformCompleteExample 2022-07-30T23:06:07Z logger.go:66:               - enableSchemas                  = null
TestTerraformCompleteExample 2022-07-30T23:06:07Z logger.go:66:               - externalAccess                 = {
TestTerraformCompleteExample 2022-07-30T23:06:07Z logger.go:66:                   - loadBalancer = {
TestTerraformCompleteExample 2022-07-30T23:06:07Z logger.go:66:                       - advertisedURL            = {
TestTerraformCompleteExample 2022-07-30T23:06:07Z logger.go:66:                           - enabled = null
TestTerraformCompleteExample 2022-07-30T23:06:07Z logger.go:66:                           - prefix  = null
TestTerraformCompleteExample 2022-07-30T23:06:07Z logger.go:66:                         }
TestTerraformCompleteExample 2022-07-30T23:06:07Z logger.go:66:                       - annotations              = null
TestTerraformCompleteExample 2022-07-30T23:06:07Z logger.go:66:                       - domain                   = null
TestTerraformCompleteExample 2022-07-30T23:06:07Z logger.go:66:                       - externalTrafficPolicy    = null
TestTerraformCompleteExample 2022-07-30T23:06:07Z logger.go:66:                       - labels                   = null
TestTerraformCompleteExample 2022-07-30T23:06:07Z logger.go:66:                       - loadBalancerSourceRanges = null
TestTerraformCompleteExample 2022-07-30T23:06:07Z logger.go:66:                       - port                     = null
TestTerraformCompleteExample 2022-07-30T23:06:07Z logger.go:66:                       - prefix                   = null
TestTerraformCompleteExample 2022-07-30T23:06:07Z logger.go:66:                       - servicePorts             = null
TestTerraformCompleteExample 2022-07-30T23:06:07Z logger.go:66:                       - sessionAffinity          = null
TestTerraformCompleteExample 2022-07-30T23:06:07Z logger.go:66:                       - sessionAffinityConfig    = {
TestTerraformCompleteExample 2022-07-30T23:06:07Z logger.go:66:                           - clientIP = {
TestTerraformCompleteExample 2022-07-30T23:06:07Z logger.go:66:                               - timeoutSeconds = null
TestTerraformCompleteExample 2022-07-30T23:06:07Z logger.go:66:                             }
TestTerraformCompleteExample 2022-07-30T23:06:07Z logger.go:66:                         }
TestTerraformCompleteExample 2022-07-30T23:06:07Z logger.go:66:                     }
TestTerraformCompleteExample 2022-07-30T23:06:07Z logger.go:66:                   - nodePort     = {
TestTerraformCompleteExample 2022-07-30T23:06:07Z logger.go:66:                       - advertisedURL         = {
TestTerraformCompleteExample 2022-07-30T23:06:07Z logger.go:66:                           - enabled = null
TestTerraformCompleteExample 2022-07-30T23:06:07Z logger.go:66:                           - prefix  = null
TestTerraformCompleteExample 2022-07-30T23:06:07Z logger.go:66:                         }
TestTerraformCompleteExample 2022-07-30T23:06:07Z logger.go:66:                       - annotations           = null
TestTerraformCompleteExample 2022-07-30T23:06:07Z logger.go:66:                       - externalTrafficPolicy = null
TestTerraformCompleteExample 2022-07-30T23:06:07Z logger.go:66:                       - host                  = null
TestTerraformCompleteExample 2022-07-30T23:06:07Z logger.go:66:                       - labels                = null
TestTerraformCompleteExample 2022-07-30T23:06:07Z logger.go:66:                       - nodePortOffset        = null
TestTerraformCompleteExample 2022-07-30T23:06:07Z logger.go:66:                       - servicePorts          = null
TestTerraformCompleteExample 2022-07-30T23:06:07Z logger.go:66:                       - sessionAffinity       = null
TestTerraformCompleteExample 2022-07-30T23:06:07Z logger.go:66:                       - sessionAffinityConfig = {
TestTerraformCompleteExample 2022-07-30T23:06:07Z logger.go:66:                           - clientIP = {
TestTerraformCompleteExample 2022-07-30T23:06:07Z logger.go:66:                               - timeoutSeconds = null
TestTerraformCompleteExample 2022-07-30T23:06:07Z logger.go:66:                             }
TestTerraformCompleteExample 2022-07-30T23:06:07Z logger.go:66:                         }
TestTerraformCompleteExample 2022-07-30T23:06:07Z logger.go:66:                     }
TestTerraformCompleteExample 2022-07-30T23:06:07Z logger.go:66:                   - route        = {
TestTerraformCompleteExample 2022-07-30T23:06:07Z logger.go:66:                       - annotations    = null
TestTerraformCompleteExample 2022-07-30T23:06:07Z logger.go:66:                       - domain         = null
TestTerraformCompleteExample 2022-07-30T23:06:07Z logger.go:66:                       - labels         = null
TestTerraformCompleteExample 2022-07-30T23:06:07Z logger.go:66:                       - prefix         = null
TestTerraformCompleteExample 2022-07-30T23:06:07Z logger.go:66:                       - wildcardPolicy = null
TestTerraformCompleteExample 2022-07-30T23:06:07Z logger.go:66:                     }
TestTerraformCompleteExample 2022-07-30T23:06:07Z logger.go:66:                   - type         = null
TestTerraformCompleteExample 2022-07-30T23:06:07Z logger.go:66:                 }
TestTerraformCompleteExample 2022-07-30T23:06:07Z logger.go:66:               - headlessService                = {
TestTerraformCompleteExample 2022-07-30T23:06:07Z logger.go:66:                   - annotations              = null
TestTerraformCompleteExample 2022-07-30T23:06:07Z logger.go:66:                   - labels                   = null
TestTerraformCompleteExample 2022-07-30T23:06:07Z logger.go:66:                   - publishNotReadyAddresses = null
TestTerraformCompleteExample 2022-07-30T23:06:07Z logger.go:66:                 }
TestTerraformCompleteExample 2022-07-30T23:06:07Z logger.go:66:               - image                          = {
TestTerraformCompleteExample 2022-07-30T23:06:07Z logger.go:66:                   - application   = "confluentinc/cp-server-connect:7.2.0"
TestTerraformCompleteExample 2022-07-30T23:06:07Z logger.go:66:                   - init          = "confluentinc/confluent-init-container:2.4.0"
TestTerraformCompleteExample 2022-07-30T23:06:07Z logger.go:66:                   - pullPolicy    = null
TestTerraformCompleteExample 2022-07-30T23:06:07Z logger.go:66:                   - pullSecretRef = null
TestTerraformCompleteExample 2022-07-30T23:06:07Z logger.go:66:                 }
TestTerraformCompleteExample 2022-07-30T23:06:07Z logger.go:66:               - injectAnnotations              = null
TestTerraformCompleteExample 2022-07-30T23:06:07Z logger.go:66:               - injectLabels                   = null
TestTerraformCompleteExample 2022-07-30T23:06:07Z logger.go:66:               - internalTopicReplicationFactor = null
TestTerraformCompleteExample 2022-07-30T23:06:07Z logger.go:66:               - k8sClusterDomain               = null
TestTerraformCompleteExample 2022-07-30T23:06:07Z logger.go:66:               - keyConverterType               = null
TestTerraformCompleteExample 2022-07-30T23:06:07Z logger.go:66:               - license                        = {
TestTerraformCompleteExample 2022-07-30T23:06:07Z logger.go:66:                   - directoryPathInContainer = null
TestTerraformCompleteExample 2022-07-30T23:06:07Z logger.go:66:                   - globalLicense            = null
TestTerraformCompleteExample 2022-07-30T23:06:07Z logger.go:66:                   - secretRef                = null
TestTerraformCompleteExample 2022-07-30T23:06:07Z logger.go:66:                 }
TestTerraformCompleteExample 2022-07-30T23:06:07Z logger.go:66:               - metrics                        = {
TestTerraformCompleteExample 2022-07-30T23:06:07Z logger.go:66:                   - authentication = {
TestTerraformCompleteExample 2022-07-30T23:06:07Z logger.go:66:                       - type = null
TestTerraformCompleteExample 2022-07-30T23:06:07Z logger.go:66:                     }
TestTerraformCompleteExample 2022-07-30T23:06:07Z logger.go:66:                   - prometheus     = {
TestTerraformCompleteExample 2022-07-30T23:06:07Z logger.go:66:                       - blacklist = null
TestTerraformCompleteExample 2022-07-30T23:06:07Z logger.go:66:                       - rules     = null
TestTerraformCompleteExample 2022-07-30T23:06:07Z logger.go:66:                       - whitelist = null
TestTerraformCompleteExample 2022-07-30T23:06:07Z logger.go:66:                     }
TestTerraformCompleteExample 2022-07-30T23:06:07Z logger.go:66:                   - tls            = {
TestTerraformCompleteExample 2022-07-30T23:06:07Z logger.go:66:                       - directoryPathInContainer = null
TestTerraformCompleteExample 2022-07-30T23:06:07Z logger.go:66:                       - enabled                  = null
TestTerraformCompleteExample 2022-07-30T23:06:07Z logger.go:66:                       - ignoreTrustStoreConfig   = null
TestTerraformCompleteExample 2022-07-30T23:06:07Z logger.go:66:                       - jksPassword              = {
TestTerraformCompleteExample 2022-07-30T23:06:07Z logger.go:66:                           - secretRef = null
TestTerraformCompleteExample 2022-07-30T23:06:07Z logger.go:66:                         }
TestTerraformCompleteExample 2022-07-30T23:06:07Z logger.go:66:                       - secretRef                = null
TestTerraformCompleteExample 2022-07-30T23:06:07Z logger.go:66:                     }
TestTerraformCompleteExample 2022-07-30T23:06:07Z logger.go:66:                 }
TestTerraformCompleteExample 2022-07-30T23:06:07Z logger.go:66:               - mountedSecrets                 = null
TestTerraformCompleteExample 2022-07-30T23:06:07Z logger.go:66:               - mountedVolumes                 = {
TestTerraformCompleteExample 2022-07-30T23:06:07Z logger.go:66:                   - volumeMounts = null
TestTerraformCompleteExample 2022-07-30T23:06:07Z logger.go:66:                   - volumes      = null
TestTerraformCompleteExample 2022-07-30T23:06:07Z logger.go:66:                 }
TestTerraformCompleteExample 2022-07-30T23:06:07Z logger.go:66:               - oneReplicaPerNode              = null
TestTerraformCompleteExample 2022-07-30T23:06:07Z logger.go:66:               - podTemplate                    = {
TestTerraformCompleteExample 2022-07-30T23:06:07Z logger.go:66:                   - affinity                      = {
TestTerraformCompleteExample 2022-07-30T23:06:07Z logger.go:66:                       - nodeAffinity    = {
TestTerraformCompleteExample 2022-07-30T23:06:07Z logger.go:66:                           - preferredDuringSchedulingIgnoredDuringExecution = null
TestTerraformCompleteExample 2022-07-30T23:06:07Z logger.go:66:                           - requiredDuringSchedulingIgnoredDuringExecution  = {
TestTerraformCompleteExample 2022-07-30T23:06:07Z logger.go:66:                               - nodeSelectorTerms = null
TestTerraformCompleteExample 2022-07-30T23:06:07Z logger.go:66:                             }
TestTerraformCompleteExample 2022-07-30T23:06:07Z logger.go:66:                         }
TestTerraformCompleteExample 2022-07-30T23:06:07Z logger.go:66:                       - podAffinity     = {
TestTerraformCompleteExample 2022-07-30T23:06:07Z logger.go:66:                           - preferredDuringSchedulingIgnoredDuringExecution = null
TestTerraformCompleteExample 2022-07-30T23:06:07Z logger.go:66:                           - requiredDuringSchedulingIgnoredDuringExecution  = null
TestTerraformCompleteExample 2022-07-30T23:06:07Z logger.go:66:                         }
TestTerraformCompleteExample 2022-07-30T23:06:07Z logger.go:66:                       - podAntiAffinity = {
TestTerraformCompleteExample 2022-07-30T23:06:07Z logger.go:66:                           - preferredDuringSchedulingIgnoredDuringExecution = null
TestTerraformCompleteExample 2022-07-30T23:06:07Z logger.go:66:                           - requiredDuringSchedulingIgnoredDuringExecution  = null
TestTerraformCompleteExample 2022-07-30T23:06:07Z logger.go:66:                         }
TestTerraformCompleteExample 2022-07-30T23:06:07Z logger.go:66:                     }
TestTerraformCompleteExample 2022-07-30T23:06:07Z logger.go:66:                   - annotations                   = null
TestTerraformCompleteExample 2022-07-30T23:06:07Z logger.go:66:                   - envVars                       = null
TestTerraformCompleteExample 2022-07-30T23:06:07Z logger.go:66:                   - labels                        = null
TestTerraformCompleteExample 2022-07-30T23:06:07Z logger.go:66:                   - podSecurityContext            = {
TestTerraformCompleteExample 2022-07-30T23:06:07Z logger.go:66:                       - fsGroup             = null
TestTerraformCompleteExample 2022-07-30T23:06:07Z logger.go:66:                       - fsGroupChangePolicy = null
TestTerraformCompleteExample 2022-07-30T23:06:07Z logger.go:66:                       - runAsGroup          = null
TestTerraformCompleteExample 2022-07-30T23:06:07Z logger.go:66:                       - runAsNonRoot        = null
TestTerraformCompleteExample 2022-07-30T23:06:07Z logger.go:66:                       - runAsUser           = null
TestTerraformCompleteExample 2022-07-30T23:06:07Z logger.go:66:                       - seLinuxOptions      = {
TestTerraformCompleteExample 2022-07-30T23:06:07Z logger.go:66:                           - level = null
TestTerraformCompleteExample 2022-07-30T23:06:07Z logger.go:66:                           - role  = null
TestTerraformCompleteExample 2022-07-30T23:06:07Z logger.go:66:                           - type  = null
TestTerraformCompleteExample 2022-07-30T23:06:07Z logger.go:66:                           - user  = null
TestTerraformCompleteExample 2022-07-30T23:06:07Z logger.go:66:                         }
TestTerraformCompleteExample 2022-07-30T23:06:07Z logger.go:66:                       - seccompProfile      = {
TestTerraformCompleteExample 2022-07-30T23:06:07Z logger.go:66:                           - localhostProfile = null
TestTerraformCompleteExample 2022-07-30T23:06:07Z logger.go:66:                           - type             = null
TestTerraformCompleteExample 2022-07-30T23:06:07Z logger.go:66:                         }
TestTerraformCompleteExample 2022-07-30T23:06:07Z logger.go:66:                       - supplementalGroups  = null
TestTerraformCompleteExample 2022-07-30T23:06:07Z logger.go:66:                       - sysctls             = null
TestTerraformCompleteExample 2022-07-30T23:06:07Z logger.go:66:                       - windowsOptions      = {
TestTerraformCompleteExample 2022-07-30T23:06:07Z logger.go:66:                           - gmsaCredentialSpec     = null
TestTerraformCompleteExample 2022-07-30T23:06:07Z logger.go:66:                           - gmsaCredentialSpecName = null
TestTerraformCompleteExample 2022-07-30T23:06:07Z logger.go:66:                           - hostProcess            = null
TestTerraformCompleteExample 2022-07-30T23:06:07Z logger.go:66:                           - runAsUserName          = null
TestTerraformCompleteExample 2022-07-30T23:06:07Z logger.go:66:                         }
TestTerraformCompleteExample 2022-07-30T23:06:07Z logger.go:66:                     }
TestTerraformCompleteExample 2022-07-30T23:06:07Z logger.go:66:                   - priorityClassName             = null
TestTerraformCompleteExample 2022-07-30T23:06:07Z logger.go:66:                   - probe                         = {
TestTerraformCompleteExample 2022-07-30T23:06:07Z logger.go:66:                       - liveness  = {
TestTerraformCompleteExample 2022-07-30T23:06:07Z logger.go:66:                           - failureThreshold    = null
TestTerraformCompleteExample 2022-07-30T23:06:07Z logger.go:66:                           - initialDelaySeconds = null
TestTerraformCompleteExample 2022-07-30T23:06:07Z logger.go:66:                           - periodSeconds       = null
TestTerraformCompleteExample 2022-07-30T23:06:07Z logger.go:66:                           - successThreshold    = null
TestTerraformCompleteExample 2022-07-30T23:06:07Z logger.go:66:                           - timeoutSeconds      = null
TestTerraformCompleteExample 2022-07-30T23:06:07Z logger.go:66:                         }
TestTerraformCompleteExample 2022-07-30T23:06:07Z logger.go:66:                       - readiness = {
TestTerraformCompleteExample 2022-07-30T23:06:07Z logger.go:66:                           - failureThreshold    = null
TestTerraformCompleteExample 2022-07-30T23:06:07Z logger.go:66:                           - initialDelaySeconds = null
TestTerraformCompleteExample 2022-07-30T23:06:07Z logger.go:66:                           - periodSeconds       = null
TestTerraformCompleteExample 2022-07-30T23:06:07Z logger.go:66:                           - successThreshold    = null
TestTerraformCompleteExample 2022-07-30T23:06:07Z logger.go:66:                           - timeoutSeconds      = null
TestTerraformCompleteExample 2022-07-30T23:06:07Z logger.go:66:                         }
TestTerraformCompleteExample 2022-07-30T23:06:07Z logger.go:66:                     }
TestTerraformCompleteExample 2022-07-30T23:06:07Z logger.go:66:                   - resources                     = {
TestTerraformCompleteExample 2022-07-30T23:06:07Z logger.go:66:                       - limits   = null
TestTerraformCompleteExample 2022-07-30T23:06:07Z logger.go:66:                       - requests = null
TestTerraformCompleteExample 2022-07-30T23:06:07Z logger.go:66:                     }
TestTerraformCompleteExample 2022-07-30T23:06:07Z logger.go:66:                   - securityContext               = {
TestTerraformCompleteExample 2022-07-30T23:06:07Z logger.go:66:                       - allowPrivilegeEscalation = null
TestTerraformCompleteExample 2022-07-30T23:06:07Z logger.go:66:                       - capabilities             = {
TestTerraformCompleteExample 2022-07-30T23:06:07Z logger.go:66:                           - add  = null
TestTerraformCompleteExample 2022-07-30T23:06:07Z logger.go:66:                           - drop = null
TestTerraformCompleteExample 2022-07-30T23:06:07Z logger.go:66:                         }
TestTerraformCompleteExample 2022-07-30T23:06:07Z logger.go:66:                       - privileged               = null
TestTerraformCompleteExample 2022-07-30T23:06:07Z logger.go:66:                       - procMount                = null
TestTerraformCompleteExample 2022-07-30T23:06:07Z logger.go:66:                       - readOnlyRootFilesystem   = null
TestTerraformCompleteExample 2022-07-30T23:06:07Z logger.go:66:                       - runAsGroup               = null
TestTerraformCompleteExample 2022-07-30T23:06:07Z logger.go:66:                       - runAsNonRoot             = null
TestTerraformCompleteExample 2022-07-30T23:06:07Z logger.go:66:                       - runAsUser                = null
TestTerraformCompleteExample 2022-07-30T23:06:07Z logger.go:66:                       - seLinuxOptions           = {
TestTerraformCompleteExample 2022-07-30T23:06:07Z logger.go:66:                           - level = null
TestTerraformCompleteExample 2022-07-30T23:06:07Z logger.go:66:                           - role  = null
TestTerraformCompleteExample 2022-07-30T23:06:07Z logger.go:66:                           - type  = null
TestTerraformCompleteExample 2022-07-30T23:06:07Z logger.go:66:                           - user  = null
TestTerraformCompleteExample 2022-07-30T23:06:07Z logger.go:66:                         }
TestTerraformCompleteExample 2022-07-30T23:06:07Z logger.go:66:                       - seccompProfile           = {
TestTerraformCompleteExample 2022-07-30T23:06:07Z logger.go:66:                           - localhostProfile = null
TestTerraformCompleteExample 2022-07-30T23:06:07Z logger.go:66:                           - type             = null
TestTerraformCompleteExample 2022-07-30T23:06:07Z logger.go:66:                         }
TestTerraformCompleteExample 2022-07-30T23:06:07Z logger.go:66:                       - windowsOptions           = {
TestTerraformCompleteExample 2022-07-30T23:06:07Z logger.go:66:                           - gmsaCredentialSpec     = null
TestTerraformCompleteExample 2022-07-30T23:06:07Z logger.go:66:                           - gmsaCredentialSpecName = null
TestTerraformCompleteExample 2022-07-30T23:06:07Z logger.go:66:                           - hostProcess            = null
TestTerraformCompleteExample 2022-07-30T23:06:07Z logger.go:66:                           - runAsUserName          = null
TestTerraformCompleteExample 2022-07-30T23:06:07Z logger.go:66:                         }
TestTerraformCompleteExample 2022-07-30T23:06:07Z logger.go:66:                     }
TestTerraformCompleteExample 2022-07-30T23:06:07Z logger.go:66:                   - serviceAccountName            = null
TestTerraformCompleteExample 2022-07-30T23:06:07Z logger.go:66:                   - terminationGracePeriodSeconds = null
TestTerraformCompleteExample 2022-07-30T23:06:07Z logger.go:66:                   - tolerations                   = null
TestTerraformCompleteExample 2022-07-30T23:06:07Z logger.go:66:                   - topologySpreadConstraints     = null
TestTerraformCompleteExample 2022-07-30T23:06:07Z logger.go:66:                 }
TestTerraformCompleteExample 2022-07-30T23:06:07Z logger.go:66:               - replicas                       = 1
TestTerraformCompleteExample 2022-07-30T23:06:07Z logger.go:66:               - telemetry                      = {
TestTerraformCompleteExample 2022-07-30T23:06:07Z logger.go:66:                   - global = null
TestTerraformCompleteExample 2022-07-30T23:06:07Z logger.go:66:                 }
TestTerraformCompleteExample 2022-07-30T23:06:07Z logger.go:66:               - tls                            = {
TestTerraformCompleteExample 2022-07-30T23:06:07Z logger.go:66:                   - autoGeneratedCerts       = null
TestTerraformCompleteExample 2022-07-30T23:06:07Z logger.go:66:                   - directoryPathInContainer = null
TestTerraformCompleteExample 2022-07-30T23:06:07Z logger.go:66:                   - ignoreTrustStoreConfig   = null
TestTerraformCompleteExample 2022-07-30T23:06:07Z logger.go:66:                   - jksPassword              = {
TestTerraformCompleteExample 2022-07-30T23:06:07Z logger.go:66:                       - secretRef = null
TestTerraformCompleteExample 2022-07-30T23:06:07Z logger.go:66:                     }
TestTerraformCompleteExample 2022-07-30T23:06:07Z logger.go:66:                   - secretRef                = null
TestTerraformCompleteExample 2022-07-30T23:06:07Z logger.go:66:                 }
TestTerraformCompleteExample 2022-07-30T23:06:07Z logger.go:66:               - valueConverterType             = null
TestTerraformCompleteExample 2022-07-30T23:06:07Z logger.go:66:             }
TestTerraformCompleteExample 2022-07-30T23:06:07Z logger.go:66:         } -> null
TestTerraformCompleteExample 2022-07-30T23:06:07Z logger.go:66:
TestTerraformCompleteExample 2022-07-30T23:06:07Z logger.go:66:       - timeouts {
TestTerraformCompleteExample 2022-07-30T23:06:07Z logger.go:66:           - create = "1h" -> null
TestTerraformCompleteExample 2022-07-30T23:06:07Z logger.go:66:           - delete = "10m" -> null
TestTerraformCompleteExample 2022-07-30T23:06:07Z logger.go:66:           - update = "1h" -> null
TestTerraformCompleteExample 2022-07-30T23:06:07Z logger.go:66:         }
TestTerraformCompleteExample 2022-07-30T23:06:07Z logger.go:66:
TestTerraformCompleteExample 2022-07-30T23:06:07Z logger.go:66:       - wait {
TestTerraformCompleteExample 2022-07-30T23:06:07Z logger.go:66:           - fields = {
TestTerraformCompleteExample 2022-07-30T23:06:07Z logger.go:66:               - "status.phase" = "RUNNING"
TestTerraformCompleteExample 2022-07-30T23:06:07Z logger.go:66:             } -> null
TestTerraformCompleteExample 2022-07-30T23:06:07Z logger.go:66:         }
TestTerraformCompleteExample 2022-07-30T23:06:07Z logger.go:66:     }
TestTerraformCompleteExample 2022-07-30T23:06:07Z logger.go:66:
TestTerraformCompleteExample 2022-07-30T23:06:07Z logger.go:66:   # module.confluent_platform.kubernetes_manifest.component["controlcenter"] will be destroyed
TestTerraformCompleteExample 2022-07-30T23:06:07Z logger.go:66:   - resource "kubernetes_manifest" "component" {
TestTerraformCompleteExample 2022-07-30T23:06:07Z logger.go:66:       - computed_fields = [
TestTerraformCompleteExample 2022-07-30T23:06:07Z logger.go:66:           - "metadata.finalizers",
TestTerraformCompleteExample 2022-07-30T23:06:07Z logger.go:66:         ] -> null
TestTerraformCompleteExample 2022-07-30T23:06:07Z logger.go:66:       - manifest        = {
TestTerraformCompleteExample 2022-07-30T23:06:07Z logger.go:66:           - apiVersion = "platform.confluent.io/v1beta1"
TestTerraformCompleteExample 2022-07-30T23:06:07Z logger.go:66:           - kind       = "ControlCenter"
TestTerraformCompleteExample 2022-07-30T23:06:07Z logger.go:66:           - metadata   = {
TestTerraformCompleteExample 2022-07-30T23:06:07Z logger.go:66:               - name      = "controlcenter"
TestTerraformCompleteExample 2022-07-30T23:06:07Z logger.go:66:               - namespace = "confluent"
TestTerraformCompleteExample 2022-07-30T23:06:07Z logger.go:66:             }
TestTerraformCompleteExample 2022-07-30T23:06:07Z logger.go:66:           - spec       = {
TestTerraformCompleteExample 2022-07-30T23:06:07Z logger.go:66:               - dataVolumeCapacity = "10Gi"
TestTerraformCompleteExample 2022-07-30T23:06:07Z logger.go:66:               - dependencies       = {
TestTerraformCompleteExample 2022-07-30T23:06:07Z logger.go:66:                   - connect        = [
TestTerraformCompleteExample 2022-07-30T23:06:07Z logger.go:66:                       - {
TestTerraformCompleteExample 2022-07-30T23:06:07Z logger.go:66:                           - name = "connect"
TestTerraformCompleteExample 2022-07-30T23:06:07Z logger.go:66:                           - url  = "http://connect.confluent.svc.cluster.local:8083"
TestTerraformCompleteExample 2022-07-30T23:06:07Z logger.go:66:                         },
TestTerraformCompleteExample 2022-07-30T23:06:07Z logger.go:66:                     ]
TestTerraformCompleteExample 2022-07-30T23:06:07Z logger.go:66:                   - ksqldb         = [
TestTerraformCompleteExample 2022-07-30T23:06:07Z logger.go:66:                       - {
TestTerraformCompleteExample 2022-07-30T23:06:07Z logger.go:66:                           - name = "ksqldb"
TestTerraformCompleteExample 2022-07-30T23:06:07Z logger.go:66:                           - url  = "http://ksqldb.confluent.svc.cluster.local:8088"
TestTerraformCompleteExample 2022-07-30T23:06:07Z logger.go:66:                         },
TestTerraformCompleteExample 2022-07-30T23:06:07Z logger.go:66:                     ]
TestTerraformCompleteExample 2022-07-30T23:06:07Z logger.go:66:                   - schemaRegistry = {
TestTerraformCompleteExample 2022-07-30T23:06:07Z logger.go:66:                       - url = "http://schemaregistry.confluent.svc.cluster.local:8081"
TestTerraformCompleteExample 2022-07-30T23:06:07Z logger.go:66:                     }
TestTerraformCompleteExample 2022-07-30T23:06:07Z logger.go:66:                 }
TestTerraformCompleteExample 2022-07-30T23:06:07Z logger.go:66:               - image              = {
TestTerraformCompleteExample 2022-07-30T23:06:07Z logger.go:66:                   - application = "confluentinc/cp-enterprise-control-center:7.2.0"
TestTerraformCompleteExample 2022-07-30T23:06:07Z logger.go:66:                   - init        = "confluentinc/confluent-init-container:2.4.0"
TestTerraformCompleteExample 2022-07-30T23:06:07Z logger.go:66:                 }
TestTerraformCompleteExample 2022-07-30T23:06:07Z logger.go:66:               - replicas           = 1
TestTerraformCompleteExample 2022-07-30T23:06:07Z logger.go:66:             }
TestTerraformCompleteExample 2022-07-30T23:06:07Z logger.go:66:         } -> null
TestTerraformCompleteExample 2022-07-30T23:06:07Z logger.go:66:       - object          = {
TestTerraformCompleteExample 2022-07-30T23:06:07Z logger.go:66:           - apiVersion = "platform.confluent.io/v1beta1"
TestTerraformCompleteExample 2022-07-30T23:06:07Z logger.go:66:           - kind       = "ControlCenter"
TestTerraformCompleteExample 2022-07-30T23:06:07Z logger.go:66:           - metadata   = {
TestTerraformCompleteExample 2022-07-30T23:06:07Z logger.go:66:               - annotations                = null
TestTerraformCompleteExample 2022-07-30T23:06:07Z logger.go:66:               - clusterName                = null
TestTerraformCompleteExample 2022-07-30T23:06:07Z logger.go:66:               - creationTimestamp          = null
TestTerraformCompleteExample 2022-07-30T23:06:07Z logger.go:66:               - deletionGracePeriodSeconds = null
TestTerraformCompleteExample 2022-07-30T23:06:07Z logger.go:66:               - deletionTimestamp          = null
TestTerraformCompleteExample 2022-07-30T23:06:07Z logger.go:66:               - finalizers                 = [
TestTerraformCompleteExample 2022-07-30T23:06:07Z logger.go:66:                   - "controlcenter.finalizers.platform.confluent.io",
TestTerraformCompleteExample 2022-07-30T23:06:07Z logger.go:66:                 ]
TestTerraformCompleteExample 2022-07-30T23:06:07Z logger.go:66:               - generateName               = null
TestTerraformCompleteExample 2022-07-30T23:06:07Z logger.go:66:               - generation                 = null
TestTerraformCompleteExample 2022-07-30T23:06:07Z logger.go:66:               - labels                     = null
TestTerraformCompleteExample 2022-07-30T23:06:07Z logger.go:66:               - managedFields              = null
TestTerraformCompleteExample 2022-07-30T23:06:07Z logger.go:66:               - name                       = "controlcenter"
TestTerraformCompleteExample 2022-07-30T23:06:07Z logger.go:66:               - namespace                  = "confluent"
TestTerraformCompleteExample 2022-07-30T23:06:07Z logger.go:66:               - ownerReferences            = null
TestTerraformCompleteExample 2022-07-30T23:06:07Z logger.go:66:               - resourceVersion            = null
TestTerraformCompleteExample 2022-07-30T23:06:07Z logger.go:66:               - selfLink                   = null
TestTerraformCompleteExample 2022-07-30T23:06:07Z logger.go:66:               - uid                        = null
TestTerraformCompleteExample 2022-07-30T23:06:07Z logger.go:66:             }
TestTerraformCompleteExample 2022-07-30T23:06:07Z logger.go:66:           - spec       = {
TestTerraformCompleteExample 2022-07-30T23:06:07Z logger.go:66:               - authentication                = {
TestTerraformCompleteExample 2022-07-30T23:06:07Z logger.go:66:                   - basic = {
TestTerraformCompleteExample 2022-07-30T23:06:07Z logger.go:66:                       - debug                    = null
TestTerraformCompleteExample 2022-07-30T23:06:07Z logger.go:66:                       - directoryPathInContainer = null
TestTerraformCompleteExample 2022-07-30T23:06:07Z logger.go:66:                       - restrictedRoles          = null
TestTerraformCompleteExample 2022-07-30T23:06:07Z logger.go:66:                       - roles                    = null
TestTerraformCompleteExample 2022-07-30T23:06:07Z logger.go:66:                       - secretRef                = null
TestTerraformCompleteExample 2022-07-30T23:06:07Z logger.go:66:                     }
TestTerraformCompleteExample 2022-07-30T23:06:07Z logger.go:66:                   - ldap  = {
TestTerraformCompleteExample 2022-07-30T23:06:07Z logger.go:66:                       - debug           = null
TestTerraformCompleteExample 2022-07-30T23:06:07Z logger.go:66:                       - property        = null
TestTerraformCompleteExample 2022-07-30T23:06:07Z logger.go:66:                       - restrictedRoles = null
TestTerraformCompleteExample 2022-07-30T23:06:07Z logger.go:66:                       - roles           = null
TestTerraformCompleteExample 2022-07-30T23:06:07Z logger.go:66:                       - secretRef       = null
TestTerraformCompleteExample 2022-07-30T23:06:07Z logger.go:66:                     }
TestTerraformCompleteExample 2022-07-30T23:06:07Z logger.go:66:                   - type  = null
TestTerraformCompleteExample 2022-07-30T23:06:07Z logger.go:66:                 }
TestTerraformCompleteExample 2022-07-30T23:06:07Z logger.go:66:               - authorization                 = {
TestTerraformCompleteExample 2022-07-30T23:06:07Z logger.go:66:                   - kafkaRestClassRef = {
TestTerraformCompleteExample 2022-07-30T23:06:07Z logger.go:66:                       - name      = null
TestTerraformCompleteExample 2022-07-30T23:06:07Z logger.go:66:                       - namespace = null
TestTerraformCompleteExample 2022-07-30T23:06:07Z logger.go:66:                     }
TestTerraformCompleteExample 2022-07-30T23:06:07Z logger.go:66:                   - type              = null
TestTerraformCompleteExample 2022-07-30T23:06:07Z logger.go:66:                 }
TestTerraformCompleteExample 2022-07-30T23:06:07Z logger.go:66:               - configOverrides               = {
TestTerraformCompleteExample 2022-07-30T23:06:07Z logger.go:66:                   - jvm    = null
TestTerraformCompleteExample 2022-07-30T23:06:07Z logger.go:66:                   - log4j  = null
TestTerraformCompleteExample 2022-07-30T23:06:07Z logger.go:66:                   - server = null
TestTerraformCompleteExample 2022-07-30T23:06:07Z logger.go:66:                 }
TestTerraformCompleteExample 2022-07-30T23:06:07Z logger.go:66:               - dataVolumeCapacity            = "10Gi"
TestTerraformCompleteExample 2022-07-30T23:06:07Z logger.go:66:               - dependencies                  = {
TestTerraformCompleteExample 2022-07-30T23:06:07Z logger.go:66:                   - connect        = [
TestTerraformCompleteExample 2022-07-30T23:06:07Z logger.go:66:                       - {
TestTerraformCompleteExample 2022-07-30T23:06:07Z logger.go:66:                           - authentication = {
TestTerraformCompleteExample 2022-07-30T23:06:07Z logger.go:66:                               - basic = {
TestTerraformCompleteExample 2022-07-30T23:06:07Z logger.go:66:                                   - debug                    = null
TestTerraformCompleteExample 2022-07-30T23:06:07Z logger.go:66:                                   - directoryPathInContainer = null
TestTerraformCompleteExample 2022-07-30T23:06:07Z logger.go:66:                                   - restrictedRoles          = null
TestTerraformCompleteExample 2022-07-30T23:06:07Z logger.go:66:                                   - roles                    = null
TestTerraformCompleteExample 2022-07-30T23:06:07Z logger.go:66:                                   - secretRef                = null
TestTerraformCompleteExample 2022-07-30T23:06:07Z logger.go:66:                                 }
TestTerraformCompleteExample 2022-07-30T23:06:07Z logger.go:66:                               - type  = null
TestTerraformCompleteExample 2022-07-30T23:06:07Z logger.go:66:                             }
TestTerraformCompleteExample 2022-07-30T23:06:07Z logger.go:66:                           - name           = "connect"
TestTerraformCompleteExample 2022-07-30T23:06:07Z logger.go:66:                           - tls            = {
TestTerraformCompleteExample 2022-07-30T23:06:07Z logger.go:66:                               - directoryPathInContainer = null
TestTerraformCompleteExample 2022-07-30T23:06:07Z logger.go:66:                               - enabled                  = null
TestTerraformCompleteExample 2022-07-30T23:06:07Z logger.go:66:                               - ignoreTrustStoreConfig   = null
TestTerraformCompleteExample 2022-07-30T23:06:07Z logger.go:66:                               - jksPassword              = {
TestTerraformCompleteExample 2022-07-30T23:06:07Z logger.go:66:                                   - secretRef = null
TestTerraformCompleteExample 2022-07-30T23:06:07Z logger.go:66:                                 }
TestTerraformCompleteExample 2022-07-30T23:06:07Z logger.go:66:                               - secretRef                = null
TestTerraformCompleteExample 2022-07-30T23:06:07Z logger.go:66:                             }
TestTerraformCompleteExample 2022-07-30T23:06:07Z logger.go:66:                           - url            = "http://connect.confluent.svc.cluster.local:8083"
TestTerraformCompleteExample 2022-07-30T23:06:07Z logger.go:66:                         },
TestTerraformCompleteExample 2022-07-30T23:06:07Z logger.go:66:                     ]
TestTerraformCompleteExample 2022-07-30T23:06:07Z logger.go:66:                   - kafka          = {
TestTerraformCompleteExample 2022-07-30T23:06:07Z logger.go:66:                       - authentication    = {
TestTerraformCompleteExample 2022-07-30T23:06:07Z logger.go:66:                           - jaasConfig            = {
TestTerraformCompleteExample 2022-07-30T23:06:07Z logger.go:66:                               - secretRef = null
TestTerraformCompleteExample 2022-07-30T23:06:07Z logger.go:66:                             }
TestTerraformCompleteExample 2022-07-30T23:06:07Z logger.go:66:                           - jaasConfigPassThrough = {
TestTerraformCompleteExample 2022-07-30T23:06:07Z logger.go:66:                               - directoryPathInContainer = null
TestTerraformCompleteExample 2022-07-30T23:06:07Z logger.go:66:                               - secretRef                = null
TestTerraformCompleteExample 2022-07-30T23:06:07Z logger.go:66:                             }
TestTerraformCompleteExample 2022-07-30T23:06:07Z logger.go:66:                           - oauthbearer           = {
TestTerraformCompleteExample 2022-07-30T23:06:07Z logger.go:66:                               - directoryPathInContainer = null
TestTerraformCompleteExample 2022-07-30T23:06:07Z logger.go:66:                               - secretRef                = null
TestTerraformCompleteExample 2022-07-30T23:06:07Z logger.go:66:                             }
TestTerraformCompleteExample 2022-07-30T23:06:07Z logger.go:66:                           - type                  = null
TestTerraformCompleteExample 2022-07-30T23:06:07Z logger.go:66:                         }
TestTerraformCompleteExample 2022-07-30T23:06:07Z logger.go:66:                       - bootstrapEndpoint = null
TestTerraformCompleteExample 2022-07-30T23:06:07Z logger.go:66:                       - discovery         = {
TestTerraformCompleteExample 2022-07-30T23:06:07Z logger.go:66:                           - name      = null
TestTerraformCompleteExample 2022-07-30T23:06:07Z logger.go:66:                           - namespace = null
TestTerraformCompleteExample 2022-07-30T23:06:07Z logger.go:66:                           - secretRef = null
TestTerraformCompleteExample 2022-07-30T23:06:07Z logger.go:66:                         }
TestTerraformCompleteExample 2022-07-30T23:06:07Z logger.go:66:                       - tls               = {
TestTerraformCompleteExample 2022-07-30T23:06:07Z logger.go:66:                           - directoryPathInContainer = null
TestTerraformCompleteExample 2022-07-30T23:06:07Z logger.go:66:                           - enabled                  = null
TestTerraformCompleteExample 2022-07-30T23:06:07Z logger.go:66:                           - ignoreTrustStoreConfig   = null
TestTerraformCompleteExample 2022-07-30T23:06:07Z logger.go:66:                           - jksPassword              = {
TestTerraformCompleteExample 2022-07-30T23:06:07Z logger.go:66:                               - secretRef = null
TestTerraformCompleteExample 2022-07-30T23:06:07Z logger.go:66:                             }
TestTerraformCompleteExample 2022-07-30T23:06:07Z logger.go:66:                           - secretRef                = null
TestTerraformCompleteExample 2022-07-30T23:06:07Z logger.go:66:                         }
TestTerraformCompleteExample 2022-07-30T23:06:07Z logger.go:66:                     }
TestTerraformCompleteExample 2022-07-30T23:06:07Z logger.go:66:                   - ksqldb         = [
TestTerraformCompleteExample 2022-07-30T23:06:07Z logger.go:66:                       - {
TestTerraformCompleteExample 2022-07-30T23:06:07Z logger.go:66:                           - advertisedUrl  = null
TestTerraformCompleteExample 2022-07-30T23:06:07Z logger.go:66:                           - authentication = {
TestTerraformCompleteExample 2022-07-30T23:06:07Z logger.go:66:                               - basic = {
TestTerraformCompleteExample 2022-07-30T23:06:07Z logger.go:66:                                   - debug                    = null
TestTerraformCompleteExample 2022-07-30T23:06:07Z logger.go:66:                                   - directoryPathInContainer = null
TestTerraformCompleteExample 2022-07-30T23:06:07Z logger.go:66:                                   - restrictedRoles          = null
TestTerraformCompleteExample 2022-07-30T23:06:07Z logger.go:66:                                   - roles                    = null
TestTerraformCompleteExample 2022-07-30T23:06:07Z logger.go:66:                                   - secretRef                = null
TestTerraformCompleteExample 2022-07-30T23:06:07Z logger.go:66:                                 }
TestTerraformCompleteExample 2022-07-30T23:06:07Z logger.go:66:                               - type  = null
TestTerraformCompleteExample 2022-07-30T23:06:07Z logger.go:66:                             }
TestTerraformCompleteExample 2022-07-30T23:06:07Z logger.go:66:                           - name           = "ksqldb"
TestTerraformCompleteExample 2022-07-30T23:06:07Z logger.go:66:                           - tls            = {
TestTerraformCompleteExample 2022-07-30T23:06:07Z logger.go:66:                               - directoryPathInContainer = null
TestTerraformCompleteExample 2022-07-30T23:06:07Z logger.go:66:                               - enabled                  = null
TestTerraformCompleteExample 2022-07-30T23:06:07Z logger.go:66:                               - ignoreTrustStoreConfig   = null
TestTerraformCompleteExample 2022-07-30T23:06:07Z logger.go:66:                               - jksPassword              = {
TestTerraformCompleteExample 2022-07-30T23:06:07Z logger.go:66:                                   - secretRef = null
TestTerraformCompleteExample 2022-07-30T23:06:07Z logger.go:66:                                 }
TestTerraformCompleteExample 2022-07-30T23:06:07Z logger.go:66:                               - secretRef                = null
TestTerraformCompleteExample 2022-07-30T23:06:07Z logger.go:66:                             }
TestTerraformCompleteExample 2022-07-30T23:06:07Z logger.go:66:                           - url            = "http://ksqldb.confluent.svc.cluster.local:8088"
TestTerraformCompleteExample 2022-07-30T23:06:07Z logger.go:66:                         },
TestTerraformCompleteExample 2022-07-30T23:06:07Z logger.go:66:                     ]
TestTerraformCompleteExample 2022-07-30T23:06:07Z logger.go:66:                   - mds            = {
TestTerraformCompleteExample 2022-07-30T23:06:07Z logger.go:66:                       - authentication = {
TestTerraformCompleteExample 2022-07-30T23:06:07Z logger.go:66:                           - bearer = {
TestTerraformCompleteExample 2022-07-30T23:06:07Z logger.go:66:                               - directoryPathInContainer = null
TestTerraformCompleteExample 2022-07-30T23:06:07Z logger.go:66:                               - secretRef                = null
TestTerraformCompleteExample 2022-07-30T23:06:07Z logger.go:66:                             }
TestTerraformCompleteExample 2022-07-30T23:06:07Z logger.go:66:                           - type   = null
TestTerraformCompleteExample 2022-07-30T23:06:07Z logger.go:66:                         }
TestTerraformCompleteExample 2022-07-30T23:06:07Z logger.go:66:                       - endpoint       = null
TestTerraformCompleteExample 2022-07-30T23:06:07Z logger.go:66:                       - tls            = {
TestTerraformCompleteExample 2022-07-30T23:06:07Z logger.go:66:                           - directoryPathInContainer = null
TestTerraformCompleteExample 2022-07-30T23:06:07Z logger.go:66:                           - enabled                  = null
TestTerraformCompleteExample 2022-07-30T23:06:07Z logger.go:66:                           - ignoreTrustStoreConfig   = null
TestTerraformCompleteExample 2022-07-30T23:06:07Z logger.go:66:                           - jksPassword              = {
TestTerraformCompleteExample 2022-07-30T23:06:07Z logger.go:66:                               - secretRef = null
TestTerraformCompleteExample 2022-07-30T23:06:07Z logger.go:66:                             }
TestTerraformCompleteExample 2022-07-30T23:06:07Z logger.go:66:                           - secretRef                = null
TestTerraformCompleteExample 2022-07-30T23:06:07Z logger.go:66:                         }
TestTerraformCompleteExample 2022-07-30T23:06:07Z logger.go:66:                       - tokenKeyPair   = {
TestTerraformCompleteExample 2022-07-30T23:06:07Z logger.go:66:                           - directoryPathInContainer = null
TestTerraformCompleteExample 2022-07-30T23:06:07Z logger.go:66:                           - secretRef                = null
TestTerraformCompleteExample 2022-07-30T23:06:07Z logger.go:66:                         }
TestTerraformCompleteExample 2022-07-30T23:06:07Z logger.go:66:                     }
TestTerraformCompleteExample 2022-07-30T23:06:07Z logger.go:66:                   - schemaRegistry = {
TestTerraformCompleteExample 2022-07-30T23:06:07Z logger.go:66:                       - authentication = {
TestTerraformCompleteExample 2022-07-30T23:06:07Z logger.go:66:                           - basic = {
TestTerraformCompleteExample 2022-07-30T23:06:07Z logger.go:66:                               - debug                    = null
TestTerraformCompleteExample 2022-07-30T23:06:07Z logger.go:66:                               - directoryPathInContainer = null
TestTerraformCompleteExample 2022-07-30T23:06:07Z logger.go:66:                               - restrictedRoles          = null
TestTerraformCompleteExample 2022-07-30T23:06:07Z logger.go:66:                               - roles                    = null
TestTerraformCompleteExample 2022-07-30T23:06:07Z logger.go:66:                               - secretRef                = null
TestTerraformCompleteExample 2022-07-30T23:06:07Z logger.go:66:                             }
TestTerraformCompleteExample 2022-07-30T23:06:07Z logger.go:66:                           - type  = null
TestTerraformCompleteExample 2022-07-30T23:06:07Z logger.go:66:                         }
TestTerraformCompleteExample 2022-07-30T23:06:07Z logger.go:66:                       - clusters       = null
TestTerraformCompleteExample 2022-07-30T23:06:07Z logger.go:66:                       - tls            = {
TestTerraformCompleteExample 2022-07-30T23:06:07Z logger.go:66:                           - directoryPathInContainer = null
TestTerraformCompleteExample 2022-07-30T23:06:07Z logger.go:66:                           - enabled                  = null
TestTerraformCompleteExample 2022-07-30T23:06:07Z logger.go:66:                           - ignoreTrustStoreConfig   = null
TestTerraformCompleteExample 2022-07-30T23:06:07Z logger.go:66:                           - jksPassword              = {
TestTerraformCompleteExample 2022-07-30T23:06:07Z logger.go:66:                               - secretRef = null
TestTerraformCompleteExample 2022-07-30T23:06:07Z logger.go:66:                             }
TestTerraformCompleteExample 2022-07-30T23:06:07Z logger.go:66:                           - secretRef                = null
TestTerraformCompleteExample 2022-07-30T23:06:07Z logger.go:66:                         }
TestTerraformCompleteExample 2022-07-30T23:06:07Z logger.go:66:                       - url            = "http://schemaregistry.confluent.svc.cluster.local:8081"
TestTerraformCompleteExample 2022-07-30T23:06:07Z logger.go:66:                     }
TestTerraformCompleteExample 2022-07-30T23:06:07Z logger.go:66:                 }
TestTerraformCompleteExample 2022-07-30T23:06:07Z logger.go:66:               - externalAccess                = {
TestTerraformCompleteExample 2022-07-30T23:06:07Z logger.go:66:                   - loadBalancer = {
TestTerraformCompleteExample 2022-07-30T23:06:07Z logger.go:66:                       - advertisedURL            = {
TestTerraformCompleteExample 2022-07-30T23:06:07Z logger.go:66:                           - enabled = null
TestTerraformCompleteExample 2022-07-30T23:06:07Z logger.go:66:                           - prefix  = null
TestTerraformCompleteExample 2022-07-30T23:06:07Z logger.go:66:                         }
TestTerraformCompleteExample 2022-07-30T23:06:07Z logger.go:66:                       - annotations              = null
TestTerraformCompleteExample 2022-07-30T23:06:07Z logger.go:66:                       - domain                   = null
TestTerraformCompleteExample 2022-07-30T23:06:07Z logger.go:66:                       - externalTrafficPolicy    = null
TestTerraformCompleteExample 2022-07-30T23:06:07Z logger.go:66:                       - labels                   = null
TestTerraformCompleteExample 2022-07-30T23:06:07Z logger.go:66:                       - loadBalancerSourceRanges = null
TestTerraformCompleteExample 2022-07-30T23:06:07Z logger.go:66:                       - port                     = null
TestTerraformCompleteExample 2022-07-30T23:06:07Z logger.go:66:                       - prefix                   = null
TestTerraformCompleteExample 2022-07-30T23:06:07Z logger.go:66:                       - servicePorts             = null
TestTerraformCompleteExample 2022-07-30T23:06:07Z logger.go:66:                       - sessionAffinity          = null
TestTerraformCompleteExample 2022-07-30T23:06:07Z logger.go:66:                       - sessionAffinityConfig    = {
TestTerraformCompleteExample 2022-07-30T23:06:07Z logger.go:66:                           - clientIP = {
TestTerraformCompleteExample 2022-07-30T23:06:07Z logger.go:66:                               - timeoutSeconds = null
TestTerraformCompleteExample 2022-07-30T23:06:07Z logger.go:66:                             }
TestTerraformCompleteExample 2022-07-30T23:06:07Z logger.go:66:                         }
TestTerraformCompleteExample 2022-07-30T23:06:07Z logger.go:66:                     }
TestTerraformCompleteExample 2022-07-30T23:06:07Z logger.go:66:                   - nodePort     = {
TestTerraformCompleteExample 2022-07-30T23:06:07Z logger.go:66:                       - advertisedURL         = {
TestTerraformCompleteExample 2022-07-30T23:06:07Z logger.go:66:                           - enabled = null
TestTerraformCompleteExample 2022-07-30T23:06:07Z logger.go:66:                           - prefix  = null
TestTerraformCompleteExample 2022-07-30T23:06:07Z logger.go:66:                         }
TestTerraformCompleteExample 2022-07-30T23:06:07Z logger.go:66:                       - annotations           = null
TestTerraformCompleteExample 2022-07-30T23:06:07Z logger.go:66:                       - externalTrafficPolicy = null
TestTerraformCompleteExample 2022-07-30T23:06:07Z logger.go:66:                       - host                  = null
TestTerraformCompleteExample 2022-07-30T23:06:07Z logger.go:66:                       - labels                = null
TestTerraformCompleteExample 2022-07-30T23:06:07Z logger.go:66:                       - nodePortOffset        = null
TestTerraformCompleteExample 2022-07-30T23:06:07Z logger.go:66:                       - servicePorts          = null
TestTerraformCompleteExample 2022-07-30T23:06:07Z logger.go:66:                       - sessionAffinity       = null
TestTerraformCompleteExample 2022-07-30T23:06:07Z logger.go:66:                       - sessionAffinityConfig = {
TestTerraformCompleteExample 2022-07-30T23:06:07Z logger.go:66:                           - clientIP = {
TestTerraformCompleteExample 2022-07-30T23:06:07Z logger.go:66:                               - timeoutSeconds = null
TestTerraformCompleteExample 2022-07-30T23:06:07Z logger.go:66:                             }
TestTerraformCompleteExample 2022-07-30T23:06:07Z logger.go:66:                         }
TestTerraformCompleteExample 2022-07-30T23:06:07Z logger.go:66:                     }
TestTerraformCompleteExample 2022-07-30T23:06:07Z logger.go:66:                   - route        = {
TestTerraformCompleteExample 2022-07-30T23:06:07Z logger.go:66:                       - annotations    = null
TestTerraformCompleteExample 2022-07-30T23:06:07Z logger.go:66:                       - domain         = null
TestTerraformCompleteExample 2022-07-30T23:06:07Z logger.go:66:                       - labels         = null
TestTerraformCompleteExample 2022-07-30T23:06:07Z logger.go:66:                       - prefix         = null
TestTerraformCompleteExample 2022-07-30T23:06:07Z logger.go:66:                       - wildcardPolicy = null
TestTerraformCompleteExample 2022-07-30T23:06:07Z logger.go:66:                     }
TestTerraformCompleteExample 2022-07-30T23:06:07Z logger.go:66:                   - type         = null
TestTerraformCompleteExample 2022-07-30T23:06:07Z logger.go:66:                 }
TestTerraformCompleteExample 2022-07-30T23:06:07Z logger.go:66:               - headlessService               = {
TestTerraformCompleteExample 2022-07-30T23:06:07Z logger.go:66:                   - annotations              = null
TestTerraformCompleteExample 2022-07-30T23:06:07Z logger.go:66:                   - labels                   = null
TestTerraformCompleteExample 2022-07-30T23:06:07Z logger.go:66:                   - publishNotReadyAddresses = null
TestTerraformCompleteExample 2022-07-30T23:06:07Z logger.go:66:                 }
TestTerraformCompleteExample 2022-07-30T23:06:07Z logger.go:66:               - id                            = null
TestTerraformCompleteExample 2022-07-30T23:06:07Z logger.go:66:               - image                         = {
TestTerraformCompleteExample 2022-07-30T23:06:07Z logger.go:66:                   - application   = "confluentinc/cp-enterprise-control-center:7.2.0"
TestTerraformCompleteExample 2022-07-30T23:06:07Z logger.go:66:                   - init          = "confluentinc/confluent-init-container:2.4.0"
TestTerraformCompleteExample 2022-07-30T23:06:07Z logger.go:66:                   - pullPolicy    = null
TestTerraformCompleteExample 2022-07-30T23:06:07Z logger.go:66:                   - pullSecretRef = null
TestTerraformCompleteExample 2022-07-30T23:06:07Z logger.go:66:                 }
TestTerraformCompleteExample 2022-07-30T23:06:07Z logger.go:66:               - injectAnnotations             = null
TestTerraformCompleteExample 2022-07-30T23:06:07Z logger.go:66:               - injectLabels                  = null
TestTerraformCompleteExample 2022-07-30T23:06:07Z logger.go:66:               - internalTopicReplicatorFactor = null
TestTerraformCompleteExample 2022-07-30T23:06:07Z logger.go:66:               - k8sClusterDomain              = null
TestTerraformCompleteExample 2022-07-30T23:06:07Z logger.go:66:               - license                       = {
TestTerraformCompleteExample 2022-07-30T23:06:07Z logger.go:66:                   - directoryPathInContainer = null
TestTerraformCompleteExample 2022-07-30T23:06:07Z logger.go:66:                   - globalLicense            = null
TestTerraformCompleteExample 2022-07-30T23:06:07Z logger.go:66:                   - secretRef                = null
TestTerraformCompleteExample 2022-07-30T23:06:07Z logger.go:66:                 }
TestTerraformCompleteExample 2022-07-30T23:06:07Z logger.go:66:               - mail                          = {
TestTerraformCompleteExample 2022-07-30T23:06:07Z logger.go:66:                   - authentication      = {
TestTerraformCompleteExample 2022-07-30T23:06:07Z logger.go:66:                       - basic = {
TestTerraformCompleteExample 2022-07-30T23:06:07Z logger.go:66:                           - debug                    = null
TestTerraformCompleteExample 2022-07-30T23:06:07Z logger.go:66:                           - directoryPathInContainer = null
TestTerraformCompleteExample 2022-07-30T23:06:07Z logger.go:66:                           - restrictedRoles          = null
TestTerraformCompleteExample 2022-07-30T23:06:07Z logger.go:66:                           - roles                    = null
TestTerraformCompleteExample 2022-07-30T23:06:07Z logger.go:66:                           - secretRef                = null
TestTerraformCompleteExample 2022-07-30T23:06:07Z logger.go:66:                         }
TestTerraformCompleteExample 2022-07-30T23:06:07Z logger.go:66:                       - type  = null
TestTerraformCompleteExample 2022-07-30T23:06:07Z logger.go:66:                     }
TestTerraformCompleteExample 2022-07-30T23:06:07Z logger.go:66:                   - checkServerIdentity = null
TestTerraformCompleteExample 2022-07-30T23:06:07Z logger.go:66:                   - hostname            = null
TestTerraformCompleteExample 2022-07-30T23:06:07Z logger.go:66:                   - mailBounceAddress   = null
TestTerraformCompleteExample 2022-07-30T23:06:07Z logger.go:66:                   - mailFrom            = null
TestTerraformCompleteExample 2022-07-30T23:06:07Z logger.go:66:                   - port                = null
TestTerraformCompleteExample 2022-07-30T23:06:07Z logger.go:66:                   - startTLSRequired    = null
TestTerraformCompleteExample 2022-07-30T23:06:07Z logger.go:66:                 }
TestTerraformCompleteExample 2022-07-30T23:06:07Z logger.go:66:               - metrics                       = {
TestTerraformCompleteExample 2022-07-30T23:06:07Z logger.go:66:                   - authentication = {
TestTerraformCompleteExample 2022-07-30T23:06:07Z logger.go:66:                       - type = null
TestTerraformCompleteExample 2022-07-30T23:06:07Z logger.go:66:                     }
TestTerraformCompleteExample 2022-07-30T23:06:07Z logger.go:66:                   - prometheus     = {
TestTerraformCompleteExample 2022-07-30T23:06:07Z logger.go:66:                       - blacklist = null
TestTerraformCompleteExample 2022-07-30T23:06:07Z logger.go:66:                       - rules     = null
TestTerraformCompleteExample 2022-07-30T23:06:07Z logger.go:66:                       - whitelist = null
TestTerraformCompleteExample 2022-07-30T23:06:07Z logger.go:66:                     }
TestTerraformCompleteExample 2022-07-30T23:06:07Z logger.go:66:                   - tls            = {
TestTerraformCompleteExample 2022-07-30T23:06:07Z logger.go:66:                       - directoryPathInContainer = null
TestTerraformCompleteExample 2022-07-30T23:06:07Z logger.go:66:                       - enabled                  = null
TestTerraformCompleteExample 2022-07-30T23:06:07Z logger.go:66:                       - ignoreTrustStoreConfig   = null
TestTerraformCompleteExample 2022-07-30T23:06:07Z logger.go:66:                       - jksPassword              = {
TestTerraformCompleteExample 2022-07-30T23:06:07Z logger.go:66:                           - secretRef = null
TestTerraformCompleteExample 2022-07-30T23:06:07Z logger.go:66:                         }
TestTerraformCompleteExample 2022-07-30T23:06:07Z logger.go:66:                       - secretRef                = null
TestTerraformCompleteExample 2022-07-30T23:06:07Z logger.go:66:                     }
TestTerraformCompleteExample 2022-07-30T23:06:07Z logger.go:66:                 }
TestTerraformCompleteExample 2022-07-30T23:06:07Z logger.go:66:               - monitoringKafkaClusters       = null
TestTerraformCompleteExample 2022-07-30T23:06:07Z logger.go:66:               - mountedSecrets                = null
TestTerraformCompleteExample 2022-07-30T23:06:07Z logger.go:66:               - mountedVolumes                = {
TestTerraformCompleteExample 2022-07-30T23:06:07Z logger.go:66:                   - volumeMounts = null
TestTerraformCompleteExample 2022-07-30T23:06:07Z logger.go:66:                   - volumes      = null
TestTerraformCompleteExample 2022-07-30T23:06:07Z logger.go:66:                 }
TestTerraformCompleteExample 2022-07-30T23:06:07Z logger.go:66:               - name                          = null
TestTerraformCompleteExample 2022-07-30T23:06:07Z logger.go:66:               - oneReplicaPerNode             = null
TestTerraformCompleteExample 2022-07-30T23:06:07Z logger.go:66:               - podTemplate                   = {
TestTerraformCompleteExample 2022-07-30T23:06:07Z logger.go:66:                   - affinity                      = {
TestTerraformCompleteExample 2022-07-30T23:06:07Z logger.go:66:                       - nodeAffinity    = {
TestTerraformCompleteExample 2022-07-30T23:06:07Z logger.go:66:                           - preferredDuringSchedulingIgnoredDuringExecution = null
TestTerraformCompleteExample 2022-07-30T23:06:07Z logger.go:66:                           - requiredDuringSchedulingIgnoredDuringExecution  = {
TestTerraformCompleteExample 2022-07-30T23:06:07Z logger.go:66:                               - nodeSelectorTerms = null
TestTerraformCompleteExample 2022-07-30T23:06:07Z logger.go:66:                             }
TestTerraformCompleteExample 2022-07-30T23:06:07Z logger.go:66:                         }
TestTerraformCompleteExample 2022-07-30T23:06:07Z logger.go:66:                       - podAffinity     = {
TestTerraformCompleteExample 2022-07-30T23:06:07Z logger.go:66:                           - preferredDuringSchedulingIgnoredDuringExecution = null
TestTerraformCompleteExample 2022-07-30T23:06:07Z logger.go:66:                           - requiredDuringSchedulingIgnoredDuringExecution  = null
TestTerraformCompleteExample 2022-07-30T23:06:07Z logger.go:66:                         }
TestTerraformCompleteExample 2022-07-30T23:06:07Z logger.go:66:                       - podAntiAffinity = {
TestTerraformCompleteExample 2022-07-30T23:06:07Z logger.go:66:                           - preferredDuringSchedulingIgnoredDuringExecution = null
TestTerraformCompleteExample 2022-07-30T23:06:07Z logger.go:66:                           - requiredDuringSchedulingIgnoredDuringExecution  = null
TestTerraformCompleteExample 2022-07-30T23:06:07Z logger.go:66:                         }
TestTerraformCompleteExample 2022-07-30T23:06:07Z logger.go:66:                     }
TestTerraformCompleteExample 2022-07-30T23:06:07Z logger.go:66:                   - annotations                   = null
TestTerraformCompleteExample 2022-07-30T23:06:07Z logger.go:66:                   - envVars                       = null
TestTerraformCompleteExample 2022-07-30T23:06:07Z logger.go:66:                   - labels                        = null
TestTerraformCompleteExample 2022-07-30T23:06:07Z logger.go:66:                   - podSecurityContext            = {
TestTerraformCompleteExample 2022-07-30T23:06:07Z logger.go:66:                       - fsGroup             = null
TestTerraformCompleteExample 2022-07-30T23:06:07Z logger.go:66:                       - fsGroupChangePolicy = null
TestTerraformCompleteExample 2022-07-30T23:06:07Z logger.go:66:                       - runAsGroup          = null
TestTerraformCompleteExample 2022-07-30T23:06:07Z logger.go:66:                       - runAsNonRoot        = null
TestTerraformCompleteExample 2022-07-30T23:06:07Z logger.go:66:                       - runAsUser           = null
TestTerraformCompleteExample 2022-07-30T23:06:07Z logger.go:66:                       - seLinuxOptions      = {
TestTerraformCompleteExample 2022-07-30T23:06:07Z logger.go:66:                           - level = null
TestTerraformCompleteExample 2022-07-30T23:06:07Z logger.go:66:                           - role  = null
TestTerraformCompleteExample 2022-07-30T23:06:07Z logger.go:66:                           - type  = null
TestTerraformCompleteExample 2022-07-30T23:06:07Z logger.go:66:                           - user  = null
TestTerraformCompleteExample 2022-07-30T23:06:07Z logger.go:66:                         }
TestTerraformCompleteExample 2022-07-30T23:06:07Z logger.go:66:                       - seccompProfile      = {
TestTerraformCompleteExample 2022-07-30T23:06:07Z logger.go:66:                           - localhostProfile = null
TestTerraformCompleteExample 2022-07-30T23:06:07Z logger.go:66:                           - type             = null
TestTerraformCompleteExample 2022-07-30T23:06:07Z logger.go:66:                         }
TestTerraformCompleteExample 2022-07-30T23:06:07Z logger.go:66:                       - supplementalGroups  = null
TestTerraformCompleteExample 2022-07-30T23:06:07Z logger.go:66:                       - sysctls             = null
TestTerraformCompleteExample 2022-07-30T23:06:07Z logger.go:66:                       - windowsOptions      = {
TestTerraformCompleteExample 2022-07-30T23:06:07Z logger.go:66:                           - gmsaCredentialSpec     = null
TestTerraformCompleteExample 2022-07-30T23:06:07Z logger.go:66:                           - gmsaCredentialSpecName = null
TestTerraformCompleteExample 2022-07-30T23:06:07Z logger.go:66:                           - hostProcess            = null
TestTerraformCompleteExample 2022-07-30T23:06:07Z logger.go:66:                           - runAsUserName          = null
TestTerraformCompleteExample 2022-07-30T23:06:07Z logger.go:66:                         }
TestTerraformCompleteExample 2022-07-30T23:06:07Z logger.go:66:                     }
TestTerraformCompleteExample 2022-07-30T23:06:07Z logger.go:66:                   - priorityClassName             = null
TestTerraformCompleteExample 2022-07-30T23:06:07Z logger.go:66:                   - probe                         = {
TestTerraformCompleteExample 2022-07-30T23:06:07Z logger.go:66:                       - liveness  = {
TestTerraformCompleteExample 2022-07-30T23:06:07Z logger.go:66:                           - failureThreshold    = null
TestTerraformCompleteExample 2022-07-30T23:06:07Z logger.go:66:                           - initialDelaySeconds = null
TestTerraformCompleteExample 2022-07-30T23:06:07Z logger.go:66:                           - periodSeconds       = null
TestTerraformCompleteExample 2022-07-30T23:06:07Z logger.go:66:                           - successThreshold    = null
TestTerraformCompleteExample 2022-07-30T23:06:07Z logger.go:66:                           - timeoutSeconds      = null
TestTerraformCompleteExample 2022-07-30T23:06:07Z logger.go:66:                         }
TestTerraformCompleteExample 2022-07-30T23:06:07Z logger.go:66:                       - readiness = {
TestTerraformCompleteExample 2022-07-30T23:06:07Z logger.go:66:                           - failureThreshold    = null
TestTerraformCompleteExample 2022-07-30T23:06:07Z logger.go:66:                           - initialDelaySeconds = null
TestTerraformCompleteExample 2022-07-30T23:06:07Z logger.go:66:                           - periodSeconds       = null
TestTerraformCompleteExample 2022-07-30T23:06:07Z logger.go:66:                           - successThreshold    = null
TestTerraformCompleteExample 2022-07-30T23:06:07Z logger.go:66:                           - timeoutSeconds      = null
TestTerraformCompleteExample 2022-07-30T23:06:07Z logger.go:66:                         }
TestTerraformCompleteExample 2022-07-30T23:06:07Z logger.go:66:                     }
TestTerraformCompleteExample 2022-07-30T23:06:07Z logger.go:66:                   - resources                     = {
TestTerraformCompleteExample 2022-07-30T23:06:07Z logger.go:66:                       - limits   = null
TestTerraformCompleteExample 2022-07-30T23:06:07Z logger.go:66:                       - requests = null
TestTerraformCompleteExample 2022-07-30T23:06:07Z logger.go:66:                     }
TestTerraformCompleteExample 2022-07-30T23:06:07Z logger.go:66:                   - securityContext               = {
TestTerraformCompleteExample 2022-07-30T23:06:07Z logger.go:66:                       - allowPrivilegeEscalation = null
TestTerraformCompleteExample 2022-07-30T23:06:07Z logger.go:66:                       - capabilities             = {
TestTerraformCompleteExample 2022-07-30T23:06:07Z logger.go:66:                           - add  = null
TestTerraformCompleteExample 2022-07-30T23:06:07Z logger.go:66:                           - drop = null
TestTerraformCompleteExample 2022-07-30T23:06:07Z logger.go:66:                         }
TestTerraformCompleteExample 2022-07-30T23:06:07Z logger.go:66:                       - privileged               = null
TestTerraformCompleteExample 2022-07-30T23:06:07Z logger.go:66:                       - procMount                = null
TestTerraformCompleteExample 2022-07-30T23:06:07Z logger.go:66:                       - readOnlyRootFilesystem   = null
TestTerraformCompleteExample 2022-07-30T23:06:07Z logger.go:66:                       - runAsGroup               = null
TestTerraformCompleteExample 2022-07-30T23:06:07Z logger.go:66:                       - runAsNonRoot             = null
TestTerraformCompleteExample 2022-07-30T23:06:07Z logger.go:66:                       - runAsUser                = null
TestTerraformCompleteExample 2022-07-30T23:06:07Z logger.go:66:                       - seLinuxOptions           = {
TestTerraformCompleteExample 2022-07-30T23:06:07Z logger.go:66:                           - level = null
TestTerraformCompleteExample 2022-07-30T23:06:07Z logger.go:66:                           - role  = null
TestTerraformCompleteExample 2022-07-30T23:06:07Z logger.go:66:                           - type  = null
TestTerraformCompleteExample 2022-07-30T23:06:07Z logger.go:66:                           - user  = null
TestTerraformCompleteExample 2022-07-30T23:06:07Z logger.go:66:                         }
TestTerraformCompleteExample 2022-07-30T23:06:07Z logger.go:66:                       - seccompProfile           = {
TestTerraformCompleteExample 2022-07-30T23:06:07Z logger.go:66:                           - localhostProfile = null
TestTerraformCompleteExample 2022-07-30T23:06:07Z logger.go:66:                           - type             = null
TestTerraformCompleteExample 2022-07-30T23:06:07Z logger.go:66:                         }
TestTerraformCompleteExample 2022-07-30T23:06:07Z logger.go:66:                       - windowsOptions           = {
TestTerraformCompleteExample 2022-07-30T23:06:07Z logger.go:66:                           - gmsaCredentialSpec     = null
TestTerraformCompleteExample 2022-07-30T23:06:07Z logger.go:66:                           - gmsaCredentialSpecName = null
TestTerraformCompleteExample 2022-07-30T23:06:07Z logger.go:66:                           - hostProcess            = null
TestTerraformCompleteExample 2022-07-30T23:06:07Z logger.go:66:                           - runAsUserName          = null
TestTerraformCompleteExample 2022-07-30T23:06:07Z logger.go:66:                         }
TestTerraformCompleteExample 2022-07-30T23:06:07Z logger.go:66:                     }
TestTerraformCompleteExample 2022-07-30T23:06:07Z logger.go:66:                   - serviceAccountName            = null
TestTerraformCompleteExample 2022-07-30T23:06:07Z logger.go:66:                   - terminationGracePeriodSeconds = null
TestTerraformCompleteExample 2022-07-30T23:06:07Z logger.go:66:                   - tolerations                   = null
TestTerraformCompleteExample 2022-07-30T23:06:07Z logger.go:66:                   - topologySpreadConstraints     = null
TestTerraformCompleteExample 2022-07-30T23:06:07Z logger.go:66:                 }
TestTerraformCompleteExample 2022-07-30T23:06:07Z logger.go:66:               - replicas                      = 1
TestTerraformCompleteExample 2022-07-30T23:06:07Z logger.go:66:               - storageClass                  = {
TestTerraformCompleteExample 2022-07-30T23:06:07Z logger.go:66:                   - name = null
TestTerraformCompleteExample 2022-07-30T23:06:07Z logger.go:66:                 }
TestTerraformCompleteExample 2022-07-30T23:06:07Z logger.go:66:               - telemetry                     = {
TestTerraformCompleteExample 2022-07-30T23:06:07Z logger.go:66:                   - global = null
TestTerraformCompleteExample 2022-07-30T23:06:07Z logger.go:66:                 }
TestTerraformCompleteExample 2022-07-30T23:06:07Z logger.go:66:               - tls                           = {
TestTerraformCompleteExample 2022-07-30T23:06:07Z logger.go:66:                   - autoGeneratedCerts       = null
TestTerraformCompleteExample 2022-07-30T23:06:07Z logger.go:66:                   - directoryPathInContainer = null
TestTerraformCompleteExample 2022-07-30T23:06:07Z logger.go:66:                   - ignoreTrustStoreConfig   = null
TestTerraformCompleteExample 2022-07-30T23:06:07Z logger.go:66:                   - jksPassword              = {
TestTerraformCompleteExample 2022-07-30T23:06:07Z logger.go:66:                       - secretRef = null
TestTerraformCompleteExample 2022-07-30T23:06:07Z logger.go:66:                     }
TestTerraformCompleteExample 2022-07-30T23:06:07Z logger.go:66:                   - secretRef                = null
TestTerraformCompleteExample 2022-07-30T23:06:07Z logger.go:66:                 }
TestTerraformCompleteExample 2022-07-30T23:06:07Z logger.go:66:             }
TestTerraformCompleteExample 2022-07-30T23:06:07Z logger.go:66:         } -> null
TestTerraformCompleteExample 2022-07-30T23:06:07Z logger.go:66:
TestTerraformCompleteExample 2022-07-30T23:06:07Z logger.go:66:       - timeouts {
TestTerraformCompleteExample 2022-07-30T23:06:07Z logger.go:66:           - create = "1h" -> null
TestTerraformCompleteExample 2022-07-30T23:06:07Z logger.go:66:           - delete = "10m" -> null
TestTerraformCompleteExample 2022-07-30T23:06:07Z logger.go:66:           - update = "1h" -> null
TestTerraformCompleteExample 2022-07-30T23:06:07Z logger.go:66:         }
TestTerraformCompleteExample 2022-07-30T23:06:07Z logger.go:66:
TestTerraformCompleteExample 2022-07-30T23:06:07Z logger.go:66:       - wait {
TestTerraformCompleteExample 2022-07-30T23:06:07Z logger.go:66:           - fields = {
TestTerraformCompleteExample 2022-07-30T23:06:07Z logger.go:66:               - "status.phase" = "RUNNING"
TestTerraformCompleteExample 2022-07-30T23:06:07Z logger.go:66:             } -> null
TestTerraformCompleteExample 2022-07-30T23:06:07Z logger.go:66:         }
TestTerraformCompleteExample 2022-07-30T23:06:07Z logger.go:66:     }
TestTerraformCompleteExample 2022-07-30T23:06:07Z logger.go:66:
TestTerraformCompleteExample 2022-07-30T23:06:07Z logger.go:66:   # module.confluent_platform.kubernetes_manifest.component["kafka"] will be destroyed
TestTerraformCompleteExample 2022-07-30T23:06:07Z logger.go:66:   - resource "kubernetes_manifest" "component" {
TestTerraformCompleteExample 2022-07-30T23:06:07Z logger.go:66:       - computed_fields = [
TestTerraformCompleteExample 2022-07-30T23:06:07Z logger.go:66:           - "metadata.finalizers",
TestTerraformCompleteExample 2022-07-30T23:06:07Z logger.go:66:         ] -> null
TestTerraformCompleteExample 2022-07-30T23:06:07Z logger.go:66:       - manifest        = {
TestTerraformCompleteExample 2022-07-30T23:06:07Z logger.go:66:           - apiVersion = "platform.confluent.io/v1beta1"
TestTerraformCompleteExample 2022-07-30T23:06:07Z logger.go:66:           - kind       = "Kafka"
TestTerraformCompleteExample 2022-07-30T23:06:07Z logger.go:66:           - metadata   = {
TestTerraformCompleteExample 2022-07-30T23:06:07Z logger.go:66:               - name      = "kafka"
TestTerraformCompleteExample 2022-07-30T23:06:07Z logger.go:66:               - namespace = "confluent"
TestTerraformCompleteExample 2022-07-30T23:06:07Z logger.go:66:             }
TestTerraformCompleteExample 2022-07-30T23:06:07Z logger.go:66:           - spec       = {
TestTerraformCompleteExample 2022-07-30T23:06:07Z logger.go:66:               - dataVolumeCapacity = "10Gi"
TestTerraformCompleteExample 2022-07-30T23:06:07Z logger.go:66:               - image              = {
TestTerraformCompleteExample 2022-07-30T23:06:07Z logger.go:66:                   - application = "confluentinc/cp-server:7.2.0"
TestTerraformCompleteExample 2022-07-30T23:06:07Z logger.go:66:                   - init        = "confluentinc/confluent-init-container:2.4.0"
TestTerraformCompleteExample 2022-07-30T23:06:07Z logger.go:66:                 }
TestTerraformCompleteExample 2022-07-30T23:06:07Z logger.go:66:               - metricReporter     = {
TestTerraformCompleteExample 2022-07-30T23:06:07Z logger.go:66:                   - enabled = true
TestTerraformCompleteExample 2022-07-30T23:06:07Z logger.go:66:                 }
TestTerraformCompleteExample 2022-07-30T23:06:07Z logger.go:66:               - replicas           = 3
TestTerraformCompleteExample 2022-07-30T23:06:07Z logger.go:66:             }
TestTerraformCompleteExample 2022-07-30T23:06:07Z logger.go:66:         } -> null
TestTerraformCompleteExample 2022-07-30T23:06:07Z logger.go:66:       - object          = {
TestTerraformCompleteExample 2022-07-30T23:06:07Z logger.go:66:           - apiVersion = "platform.confluent.io/v1beta1"
TestTerraformCompleteExample 2022-07-30T23:06:07Z logger.go:66:           - kind       = "Kafka"
TestTerraformCompleteExample 2022-07-30T23:06:07Z logger.go:66:           - metadata   = {
TestTerraformCompleteExample 2022-07-30T23:06:07Z logger.go:66:               - annotations                = {
TestTerraformCompleteExample 2022-07-30T23:06:07Z logger.go:66:                   - "platform.confluent.io/config-revision-hash"   = "t2bgf92bkh"
TestTerraformCompleteExample 2022-07-30T23:06:07Z logger.go:66:                   - "platform.confluent.io/last-pod-template-hash" = "c5dd99557"
TestTerraformCompleteExample 2022-07-30T23:06:07Z logger.go:66:                 }
TestTerraformCompleteExample 2022-07-30T23:06:07Z logger.go:66:               - clusterName                = null
TestTerraformCompleteExample 2022-07-30T23:06:07Z logger.go:66:               - creationTimestamp          = null
TestTerraformCompleteExample 2022-07-30T23:06:07Z logger.go:66:               - deletionGracePeriodSeconds = null
TestTerraformCompleteExample 2022-07-30T23:06:07Z logger.go:66:               - deletionTimestamp          = null
TestTerraformCompleteExample 2022-07-30T23:06:07Z logger.go:66:               - finalizers                 = [
TestTerraformCompleteExample 2022-07-30T23:06:07Z logger.go:66:                   - "kafka.finalizers.platform.confluent.io",
TestTerraformCompleteExample 2022-07-30T23:06:07Z logger.go:66:                 ]
TestTerraformCompleteExample 2022-07-30T23:06:07Z logger.go:66:               - generateName               = null
TestTerraformCompleteExample 2022-07-30T23:06:07Z logger.go:66:               - generation                 = null
TestTerraformCompleteExample 2022-07-30T23:06:07Z logger.go:66:               - labels                     = null
TestTerraformCompleteExample 2022-07-30T23:06:07Z logger.go:66:               - managedFields              = null
TestTerraformCompleteExample 2022-07-30T23:06:07Z logger.go:66:               - name                       = "kafka"
TestTerraformCompleteExample 2022-07-30T23:06:07Z logger.go:66:               - namespace                  = "confluent"
TestTerraformCompleteExample 2022-07-30T23:06:07Z logger.go:66:               - ownerReferences            = null
TestTerraformCompleteExample 2022-07-30T23:06:07Z logger.go:66:               - resourceVersion            = null
TestTerraformCompleteExample 2022-07-30T23:06:07Z logger.go:66:               - selfLink                   = null
TestTerraformCompleteExample 2022-07-30T23:06:07Z logger.go:66:               - uid                        = null
TestTerraformCompleteExample 2022-07-30T23:06:07Z logger.go:66:             }
TestTerraformCompleteExample 2022-07-30T23:06:07Z logger.go:66:           - spec       = {
TestTerraformCompleteExample 2022-07-30T23:06:07Z logger.go:66:               - authorization      = {
TestTerraformCompleteExample 2022-07-30T23:06:07Z logger.go:66:                   - superUsers = null
TestTerraformCompleteExample 2022-07-30T23:06:07Z logger.go:66:                   - type       = null
TestTerraformCompleteExample 2022-07-30T23:06:07Z logger.go:66:                 }
TestTerraformCompleteExample 2022-07-30T23:06:07Z logger.go:66:               - configOverrides    = {
TestTerraformCompleteExample 2022-07-30T23:06:07Z logger.go:66:                   - jvm    = null
TestTerraformCompleteExample 2022-07-30T23:06:07Z logger.go:66:                   - log4j  = null
TestTerraformCompleteExample 2022-07-30T23:06:07Z logger.go:66:                   - server = null
TestTerraformCompleteExample 2022-07-30T23:06:07Z logger.go:66:                 }
TestTerraformCompleteExample 2022-07-30T23:06:07Z logger.go:66:               - dataVolumeCapacity = "10Gi"
TestTerraformCompleteExample 2022-07-30T23:06:07Z logger.go:66:               - dependencies       = {
TestTerraformCompleteExample 2022-07-30T23:06:07Z logger.go:66:                   - kafkaRest      = {
TestTerraformCompleteExample 2022-07-30T23:06:07Z logger.go:66:                       - authentication    = {
TestTerraformCompleteExample 2022-07-30T23:06:07Z logger.go:66:                           - bearer                = {
TestTerraformCompleteExample 2022-07-30T23:06:07Z logger.go:66:                               - directoryPathInContainer = null
TestTerraformCompleteExample 2022-07-30T23:06:07Z logger.go:66:                               - secretRef                = null
TestTerraformCompleteExample 2022-07-30T23:06:07Z logger.go:66:                             }
TestTerraformCompleteExample 2022-07-30T23:06:07Z logger.go:66:                           - jaasConfig            = {
TestTerraformCompleteExample 2022-07-30T23:06:07Z logger.go:66:                               - secretRef = null
TestTerraformCompleteExample 2022-07-30T23:06:07Z logger.go:66:                             }
TestTerraformCompleteExample 2022-07-30T23:06:07Z logger.go:66:                           - jaasConfigPassThrough = {
TestTerraformCompleteExample 2022-07-30T23:06:07Z logger.go:66:                               - directoryPathInContainer = null
TestTerraformCompleteExample 2022-07-30T23:06:07Z logger.go:66:                               - secretRef                = null
TestTerraformCompleteExample 2022-07-30T23:06:07Z logger.go:66:                             }
TestTerraformCompleteExample 2022-07-30T23:06:07Z logger.go:66:                           - oauthbearer           = {
TestTerraformCompleteExample 2022-07-30T23:06:07Z logger.go:66:                               - directoryPathInContainer = null
TestTerraformCompleteExample 2022-07-30T23:06:07Z logger.go:66:                               - secretRef                = null
TestTerraformCompleteExample 2022-07-30T23:06:07Z logger.go:66:                             }
TestTerraformCompleteExample 2022-07-30T23:06:07Z logger.go:66:                           - type                  = null
TestTerraformCompleteExample 2022-07-30T23:06:07Z logger.go:66:                         }
TestTerraformCompleteExample 2022-07-30T23:06:07Z logger.go:66:                       - bootstrapEndpoint = null
TestTerraformCompleteExample 2022-07-30T23:06:07Z logger.go:66:                       - endpoint          = null
TestTerraformCompleteExample 2022-07-30T23:06:07Z logger.go:66:                       - tls               = {
TestTerraformCompleteExample 2022-07-30T23:06:07Z logger.go:66:                           - directoryPathInContainer = null
TestTerraformCompleteExample 2022-07-30T23:06:07Z logger.go:66:                           - enabled                  = null
TestTerraformCompleteExample 2022-07-30T23:06:07Z logger.go:66:                           - ignoreTrustStoreConfig   = null
TestTerraformCompleteExample 2022-07-30T23:06:07Z logger.go:66:                           - jksPassword              = {
TestTerraformCompleteExample 2022-07-30T23:06:07Z logger.go:66:                               - secretRef = null
TestTerraformCompleteExample 2022-07-30T23:06:07Z logger.go:66:                             }
TestTerraformCompleteExample 2022-07-30T23:06:07Z logger.go:66:                           - secretRef                = null
TestTerraformCompleteExample 2022-07-30T23:06:07Z logger.go:66:                         }
TestTerraformCompleteExample 2022-07-30T23:06:07Z logger.go:66:                     }
TestTerraformCompleteExample 2022-07-30T23:06:07Z logger.go:66:                   - mds            = {
TestTerraformCompleteExample 2022-07-30T23:06:07Z logger.go:66:                       - endpoint     = null
TestTerraformCompleteExample 2022-07-30T23:06:07Z logger.go:66:                       - kafka        = {
TestTerraformCompleteExample 2022-07-30T23:06:07Z logger.go:66:                           - authentication    = {
TestTerraformCompleteExample 2022-07-30T23:06:07Z logger.go:66:                               - jaasConfig            = {
TestTerraformCompleteExample 2022-07-30T23:06:07Z logger.go:66:                                   - secretRef = null
TestTerraformCompleteExample 2022-07-30T23:06:07Z logger.go:66:                                 }
TestTerraformCompleteExample 2022-07-30T23:06:07Z logger.go:66:                               - jaasConfigPassThrough = {
TestTerraformCompleteExample 2022-07-30T23:06:07Z logger.go:66:                                   - directoryPathInContainer = null
TestTerraformCompleteExample 2022-07-30T23:06:07Z logger.go:66:                                   - secretRef                = null
TestTerraformCompleteExample 2022-07-30T23:06:07Z logger.go:66:                                 }
TestTerraformCompleteExample 2022-07-30T23:06:07Z logger.go:66:                               - oauthbearer           = {
TestTerraformCompleteExample 2022-07-30T23:06:07Z logger.go:66:                                   - directoryPathInContainer = null
TestTerraformCompleteExample 2022-07-30T23:06:07Z logger.go:66:                                   - secretRef                = null
TestTerraformCompleteExample 2022-07-30T23:06:07Z logger.go:66:                                 }
TestTerraformCompleteExample 2022-07-30T23:06:07Z logger.go:66:                               - type                  = null
TestTerraformCompleteExample 2022-07-30T23:06:07Z logger.go:66:                             }
TestTerraformCompleteExample 2022-07-30T23:06:07Z logger.go:66:                           - bootstrapEndpoint = null
TestTerraformCompleteExample 2022-07-30T23:06:07Z logger.go:66:                           - discovery         = {
TestTerraformCompleteExample 2022-07-30T23:06:07Z logger.go:66:                               - name      = null
TestTerraformCompleteExample 2022-07-30T23:06:07Z logger.go:66:                               - namespace = null
TestTerraformCompleteExample 2022-07-30T23:06:07Z logger.go:66:                               - secretRef = null
TestTerraformCompleteExample 2022-07-30T23:06:07Z logger.go:66:                             }
TestTerraformCompleteExample 2022-07-30T23:06:07Z logger.go:66:                           - tls               = {
TestTerraformCompleteExample 2022-07-30T23:06:07Z logger.go:66:                               - directoryPathInContainer = null
TestTerraformCompleteExample 2022-07-30T23:06:07Z logger.go:66:                               - enabled                  = null
TestTerraformCompleteExample 2022-07-30T23:06:07Z logger.go:66:                               - ignoreTrustStoreConfig   = null
TestTerraformCompleteExample 2022-07-30T23:06:07Z logger.go:66:                               - jksPassword              = {
TestTerraformCompleteExample 2022-07-30T23:06:07Z logger.go:66:                                   - secretRef = null
TestTerraformCompleteExample 2022-07-30T23:06:07Z logger.go:66:                                 }
TestTerraformCompleteExample 2022-07-30T23:06:07Z logger.go:66:                               - secretRef                = null
TestTerraformCompleteExample 2022-07-30T23:06:07Z logger.go:66:                             }
TestTerraformCompleteExample 2022-07-30T23:06:07Z logger.go:66:                         }
TestTerraformCompleteExample 2022-07-30T23:06:07Z logger.go:66:                       - tls          = {
TestTerraformCompleteExample 2022-07-30T23:06:07Z logger.go:66:                           - directoryPathInContainer = null
TestTerraformCompleteExample 2022-07-30T23:06:07Z logger.go:66:                           - enabled                  = null
TestTerraformCompleteExample 2022-07-30T23:06:07Z logger.go:66:                           - ignoreTrustStoreConfig   = null
TestTerraformCompleteExample 2022-07-30T23:06:07Z logger.go:66:                           - jksPassword              = {
TestTerraformCompleteExample 2022-07-30T23:06:07Z logger.go:66:                               - secretRef = null
TestTerraformCompleteExample 2022-07-30T23:06:07Z logger.go:66:                             }
TestTerraformCompleteExample 2022-07-30T23:06:07Z logger.go:66:                           - secretRef                = null
TestTerraformCompleteExample 2022-07-30T23:06:07Z logger.go:66:                         }
TestTerraformCompleteExample 2022-07-30T23:06:07Z logger.go:66:                       - tokenKeyPair = {
TestTerraformCompleteExample 2022-07-30T23:06:07Z logger.go:66:                           - directoryPathInContainer = null
TestTerraformCompleteExample 2022-07-30T23:06:07Z logger.go:66:                           - secretRef                = null
TestTerraformCompleteExample 2022-07-30T23:06:07Z logger.go:66:                         }
TestTerraformCompleteExample 2022-07-30T23:06:07Z logger.go:66:                     }
TestTerraformCompleteExample 2022-07-30T23:06:07Z logger.go:66:                   - schemaRegistry = {
TestTerraformCompleteExample 2022-07-30T23:06:07Z logger.go:66:                       - authentication = {
TestTerraformCompleteExample 2022-07-30T23:06:07Z logger.go:66:                           - basic = {
TestTerraformCompleteExample 2022-07-30T23:06:07Z logger.go:66:                               - debug                    = null
TestTerraformCompleteExample 2022-07-30T23:06:07Z logger.go:66:                               - directoryPathInContainer = null
TestTerraformCompleteExample 2022-07-30T23:06:07Z logger.go:66:                               - restrictedRoles          = null
TestTerraformCompleteExample 2022-07-30T23:06:07Z logger.go:66:                               - roles                    = null
TestTerraformCompleteExample 2022-07-30T23:06:07Z logger.go:66:                               - secretRef                = null
TestTerraformCompleteExample 2022-07-30T23:06:07Z logger.go:66:                             }
TestTerraformCompleteExample 2022-07-30T23:06:07Z logger.go:66:                           - type  = null
TestTerraformCompleteExample 2022-07-30T23:06:07Z logger.go:66:                         }
TestTerraformCompleteExample 2022-07-30T23:06:07Z logger.go:66:                       - tls            = {
TestTerraformCompleteExample 2022-07-30T23:06:07Z logger.go:66:                           - directoryPathInContainer = null
TestTerraformCompleteExample 2022-07-30T23:06:07Z logger.go:66:                           - enabled                  = null
TestTerraformCompleteExample 2022-07-30T23:06:07Z logger.go:66:                           - ignoreTrustStoreConfig   = null
TestTerraformCompleteExample 2022-07-30T23:06:07Z logger.go:66:                           - jksPassword              = {
TestTerraformCompleteExample 2022-07-30T23:06:07Z logger.go:66:                               - secretRef = null
TestTerraformCompleteExample 2022-07-30T23:06:07Z logger.go:66:                             }
TestTerraformCompleteExample 2022-07-30T23:06:07Z logger.go:66:                           - secretRef                = null
TestTerraformCompleteExample 2022-07-30T23:06:07Z logger.go:66:                         }
TestTerraformCompleteExample 2022-07-30T23:06:07Z logger.go:66:                       - url            = null
TestTerraformCompleteExample 2022-07-30T23:06:07Z logger.go:66:                     }
TestTerraformCompleteExample 2022-07-30T23:06:07Z logger.go:66:                   - zookeeper      = {
TestTerraformCompleteExample 2022-07-30T23:06:07Z logger.go:66:                       - authentication = {
TestTerraformCompleteExample 2022-07-30T23:06:07Z logger.go:66:                           - jaasConfig            = {
TestTerraformCompleteExample 2022-07-30T23:06:07Z logger.go:66:                               - secretRef = null
TestTerraformCompleteExample 2022-07-30T23:06:07Z logger.go:66:                             }
TestTerraformCompleteExample 2022-07-30T23:06:07Z logger.go:66:                           - jaasConfigPassThrough = {
TestTerraformCompleteExample 2022-07-30T23:06:07Z logger.go:66:                               - directoryPathInContainer = null
TestTerraformCompleteExample 2022-07-30T23:06:07Z logger.go:66:                               - secretRef                = null
TestTerraformCompleteExample 2022-07-30T23:06:07Z logger.go:66:                             }
TestTerraformCompleteExample 2022-07-30T23:06:07Z logger.go:66:                           - oauthbearer           = {
TestTerraformCompleteExample 2022-07-30T23:06:07Z logger.go:66:                               - directoryPathInContainer = null
TestTerraformCompleteExample 2022-07-30T23:06:07Z logger.go:66:                               - secretRef                = null
TestTerraformCompleteExample 2022-07-30T23:06:07Z logger.go:66:                             }
TestTerraformCompleteExample 2022-07-30T23:06:07Z logger.go:66:                           - type                  = null
TestTerraformCompleteExample 2022-07-30T23:06:07Z logger.go:66:                         }
TestTerraformCompleteExample 2022-07-30T23:06:07Z logger.go:66:                       - discovery      = {
TestTerraformCompleteExample 2022-07-30T23:06:07Z logger.go:66:                           - name      = null
TestTerraformCompleteExample 2022-07-30T23:06:07Z logger.go:66:                           - namespace = null
TestTerraformCompleteExample 2022-07-30T23:06:07Z logger.go:66:                           - secretRef = null
TestTerraformCompleteExample 2022-07-30T23:06:07Z logger.go:66:                         }
TestTerraformCompleteExample 2022-07-30T23:06:07Z logger.go:66:                       - endpoint       = null
TestTerraformCompleteExample 2022-07-30T23:06:07Z logger.go:66:                       - tls            = {
TestTerraformCompleteExample 2022-07-30T23:06:07Z logger.go:66:                           - directoryPathInContainer = null
TestTerraformCompleteExample 2022-07-30T23:06:07Z logger.go:66:                           - enabled                  = null
TestTerraformCompleteExample 2022-07-30T23:06:07Z logger.go:66:                           - ignoreTrustStoreConfig   = null
TestTerraformCompleteExample 2022-07-30T23:06:07Z logger.go:66:                           - jksPassword              = {
TestTerraformCompleteExample 2022-07-30T23:06:07Z logger.go:66:                               - secretRef = null
TestTerraformCompleteExample 2022-07-30T23:06:07Z logger.go:66:                             }
TestTerraformCompleteExample 2022-07-30T23:06:07Z logger.go:66:                           - secretRef                = null
TestTerraformCompleteExample 2022-07-30T23:06:07Z logger.go:66:                         }
TestTerraformCompleteExample 2022-07-30T23:06:07Z logger.go:66:                     }
TestTerraformCompleteExample 2022-07-30T23:06:07Z logger.go:66:                 }
TestTerraformCompleteExample 2022-07-30T23:06:07Z logger.go:66:               - headlessService    = {
TestTerraformCompleteExample 2022-07-30T23:06:07Z logger.go:66:                   - annotations              = null
TestTerraformCompleteExample 2022-07-30T23:06:07Z logger.go:66:                   - labels                   = null
TestTerraformCompleteExample 2022-07-30T23:06:07Z logger.go:66:                   - publishNotReadyAddresses = null
TestTerraformCompleteExample 2022-07-30T23:06:07Z logger.go:66:                 }
TestTerraformCompleteExample 2022-07-30T23:06:07Z logger.go:66:               - identityProvider   = {
TestTerraformCompleteExample 2022-07-30T23:06:07Z logger.go:66:                   - ldap = {
TestTerraformCompleteExample 2022-07-30T23:06:07Z logger.go:66:                       - address        = null
TestTerraformCompleteExample 2022-07-30T23:06:07Z logger.go:66:                       - authentication = {
TestTerraformCompleteExample 2022-07-30T23:06:07Z logger.go:66:                           - simple = {
TestTerraformCompleteExample 2022-07-30T23:06:07Z logger.go:66:                               - directoryPathInContainer = null
TestTerraformCompleteExample 2022-07-30T23:06:07Z logger.go:66:                               - secretRef                = null
TestTerraformCompleteExample 2022-07-30T23:06:07Z logger.go:66:                             }
TestTerraformCompleteExample 2022-07-30T23:06:07Z logger.go:66:                           - type   = null
TestTerraformCompleteExample 2022-07-30T23:06:07Z logger.go:66:                         }
TestTerraformCompleteExample 2022-07-30T23:06:07Z logger.go:66:                       - configurations = {
TestTerraformCompleteExample 2022-07-30T23:06:07Z logger.go:66:                           - groupMemberAttribute         = null
TestTerraformCompleteExample 2022-07-30T23:06:07Z logger.go:66:                           - groupMemberAttributePattern  = null
TestTerraformCompleteExample 2022-07-30T23:06:07Z logger.go:66:                           - groupNameAttribute           = null
TestTerraformCompleteExample 2022-07-30T23:06:07Z logger.go:66:                           - groupObjectClass             = null
TestTerraformCompleteExample 2022-07-30T23:06:07Z logger.go:66:                           - groupSearchBase              = null
TestTerraformCompleteExample 2022-07-30T23:06:07Z logger.go:66:                           - groupSearchFilter            = null
TestTerraformCompleteExample 2022-07-30T23:06:07Z logger.go:66:                           - groupSearchScope             = null
TestTerraformCompleteExample 2022-07-30T23:06:07Z logger.go:66:                           - userMemberOfAttributePattern = null
TestTerraformCompleteExample 2022-07-30T23:06:07Z logger.go:66:                           - userNameAttribute            = null
TestTerraformCompleteExample 2022-07-30T23:06:07Z logger.go:66:                           - userObjectClass              = null
TestTerraformCompleteExample 2022-07-30T23:06:07Z logger.go:66:                           - userSearchBase               = null
TestTerraformCompleteExample 2022-07-30T23:06:07Z logger.go:66:                           - userSearchFilter             = null
TestTerraformCompleteExample 2022-07-30T23:06:07Z logger.go:66:                           - userSearchScope              = null
TestTerraformCompleteExample 2022-07-30T23:06:07Z logger.go:66:                         }
TestTerraformCompleteExample 2022-07-30T23:06:07Z logger.go:66:                       - tls            = {
TestTerraformCompleteExample 2022-07-30T23:06:07Z logger.go:66:                           - directoryPathInContainer = null
TestTerraformCompleteExample 2022-07-30T23:06:07Z logger.go:66:                           - enabled                  = null
TestTerraformCompleteExample 2022-07-30T23:06:07Z logger.go:66:                           - ignoreTrustStoreConfig   = null
TestTerraformCompleteExample 2022-07-30T23:06:07Z logger.go:66:                           - jksPassword              = {
TestTerraformCompleteExample 2022-07-30T23:06:07Z logger.go:66:                               - secretRef = null
TestTerraformCompleteExample 2022-07-30T23:06:07Z logger.go:66:                             }
TestTerraformCompleteExample 2022-07-30T23:06:07Z logger.go:66:                           - secretRef                = null
TestTerraformCompleteExample 2022-07-30T23:06:07Z logger.go:66:                         }
TestTerraformCompleteExample 2022-07-30T23:06:07Z logger.go:66:                     }
TestTerraformCompleteExample 2022-07-30T23:06:07Z logger.go:66:                   - type = null
TestTerraformCompleteExample 2022-07-30T23:06:07Z logger.go:66:                 }
TestTerraformCompleteExample 2022-07-30T23:06:07Z logger.go:66:               - image              = {
TestTerraformCompleteExample 2022-07-30T23:06:07Z logger.go:66:                   - application   = "confluentinc/cp-server:7.2.0"
TestTerraformCompleteExample 2022-07-30T23:06:07Z logger.go:66:                   - init          = "confluentinc/confluent-init-container:2.4.0"
TestTerraformCompleteExample 2022-07-30T23:06:07Z logger.go:66:                   - pullPolicy    = null
TestTerraformCompleteExample 2022-07-30T23:06:07Z logger.go:66:                   - pullSecretRef = null
TestTerraformCompleteExample 2022-07-30T23:06:07Z logger.go:66:                 }
TestTerraformCompleteExample 2022-07-30T23:06:07Z logger.go:66:               - injectAnnotations  = null
TestTerraformCompleteExample 2022-07-30T23:06:07Z logger.go:66:               - injectLabels       = null
TestTerraformCompleteExample 2022-07-30T23:06:07Z logger.go:66:               - k8sClusterDomain   = null
TestTerraformCompleteExample 2022-07-30T23:06:07Z logger.go:66:               - license            = {
TestTerraformCompleteExample 2022-07-30T23:06:07Z logger.go:66:                   - directoryPathInContainer = null
TestTerraformCompleteExample 2022-07-30T23:06:07Z logger.go:66:                   - globalLicense            = null
TestTerraformCompleteExample 2022-07-30T23:06:07Z logger.go:66:                   - secretRef                = null
TestTerraformCompleteExample 2022-07-30T23:06:07Z logger.go:66:                 }
TestTerraformCompleteExample 2022-07-30T23:06:07Z logger.go:66:               - listeners          = {
TestTerraformCompleteExample 2022-07-30T23:06:07Z logger.go:66:                   - custom   = null
TestTerraformCompleteExample 2022-07-30T23:06:07Z logger.go:66:                   - external = {
TestTerraformCompleteExample 2022-07-30T23:06:07Z logger.go:66:                       - authentication = {
TestTerraformCompleteExample 2022-07-30T23:06:07Z logger.go:66:                           - jaasConfig            = {
TestTerraformCompleteExample 2022-07-30T23:06:07Z logger.go:66:                               - secretRef = null
TestTerraformCompleteExample 2022-07-30T23:06:07Z logger.go:66:                             }
TestTerraformCompleteExample 2022-07-30T23:06:07Z logger.go:66:                           - jaasConfigPassThrough = {
TestTerraformCompleteExample 2022-07-30T23:06:07Z logger.go:66:                               - directoryPathInContainer = null
TestTerraformCompleteExample 2022-07-30T23:06:07Z logger.go:66:                               - secretRef                = null
TestTerraformCompleteExample 2022-07-30T23:06:07Z logger.go:66:                             }
TestTerraformCompleteExample 2022-07-30T23:06:07Z logger.go:66:                           - principalMappingRules = null
TestTerraformCompleteExample 2022-07-30T23:06:07Z logger.go:66:                           - type                  = null
TestTerraformCompleteExample 2022-07-30T23:06:07Z logger.go:66:                         }
TestTerraformCompleteExample 2022-07-30T23:06:07Z logger.go:66:                       - externalAccess = {
TestTerraformCompleteExample 2022-07-30T23:06:07Z logger.go:66:                           - loadBalancer              = {
TestTerraformCompleteExample 2022-07-30T23:06:07Z logger.go:66:                               - advertisedPort           = null
TestTerraformCompleteExample 2022-07-30T23:06:07Z logger.go:66:                               - annotations              = null
TestTerraformCompleteExample 2022-07-30T23:06:07Z logger.go:66:                               - bootstrapPrefix          = null
TestTerraformCompleteExample 2022-07-30T23:06:07Z logger.go:66:                               - brokerPrefix             = null
TestTerraformCompleteExample 2022-07-30T23:06:07Z logger.go:66:                               - domain                   = null
TestTerraformCompleteExample 2022-07-30T23:06:07Z logger.go:66:                               - externalTrafficPolicy    = null
TestTerraformCompleteExample 2022-07-30T23:06:07Z logger.go:66:                               - labels                   = null
TestTerraformCompleteExample 2022-07-30T23:06:07Z logger.go:66:                               - loadBalancerSourceRanges = null
TestTerraformCompleteExample 2022-07-30T23:06:07Z logger.go:66:                               - servicePorts             = null
TestTerraformCompleteExample 2022-07-30T23:06:07Z logger.go:66:                               - sessionAffinity          = null
TestTerraformCompleteExample 2022-07-30T23:06:07Z logger.go:66:                               - sessionAffinityConfig    = {
TestTerraformCompleteExample 2022-07-30T23:06:07Z logger.go:66:                                   - clientIP = {
TestTerraformCompleteExample 2022-07-30T23:06:07Z logger.go:66:                                       - timeoutSeconds = null
TestTerraformCompleteExample 2022-07-30T23:06:07Z logger.go:66:                                     }
TestTerraformCompleteExample 2022-07-30T23:06:07Z logger.go:66:                                 }
TestTerraformCompleteExample 2022-07-30T23:06:07Z logger.go:66:                             }
TestTerraformCompleteExample 2022-07-30T23:06:07Z logger.go:66:                           - nodePort                  = {
TestTerraformCompleteExample 2022-07-30T23:06:07Z logger.go:66:                               - advertisedURL         = {
TestTerraformCompleteExample 2022-07-30T23:06:07Z logger.go:66:                                   - enabled = null
TestTerraformCompleteExample 2022-07-30T23:06:07Z logger.go:66:                                   - prefix  = null
TestTerraformCompleteExample 2022-07-30T23:06:07Z logger.go:66:                                 }
TestTerraformCompleteExample 2022-07-30T23:06:07Z logger.go:66:                               - annotations           = null
TestTerraformCompleteExample 2022-07-30T23:06:07Z logger.go:66:                               - externalTrafficPolicy = null
TestTerraformCompleteExample 2022-07-30T23:06:07Z logger.go:66:                               - host                  = null
TestTerraformCompleteExample 2022-07-30T23:06:07Z logger.go:66:                               - labels                = null
TestTerraformCompleteExample 2022-07-30T23:06:07Z logger.go:66:                               - nodePortOffset        = null
TestTerraformCompleteExample 2022-07-30T23:06:07Z logger.go:66:                               - servicePorts          = null
TestTerraformCompleteExample 2022-07-30T23:06:07Z logger.go:66:                               - sessionAffinity       = null
TestTerraformCompleteExample 2022-07-30T23:06:07Z logger.go:66:                               - sessionAffinityConfig = {
TestTerraformCompleteExample 2022-07-30T23:06:07Z logger.go:66:                                   - clientIP = {
TestTerraformCompleteExample 2022-07-30T23:06:07Z logger.go:66:                                       - timeoutSeconds = null
TestTerraformCompleteExample 2022-07-30T23:06:07Z logger.go:66:                                     }
TestTerraformCompleteExample 2022-07-30T23:06:07Z logger.go:66:                                 }
TestTerraformCompleteExample 2022-07-30T23:06:07Z logger.go:66:                             }
TestTerraformCompleteExample 2022-07-30T23:06:07Z logger.go:66:                           - route                     = {
TestTerraformCompleteExample 2022-07-30T23:06:07Z logger.go:66:                               - annotations     = null
TestTerraformCompleteExample 2022-07-30T23:06:07Z logger.go:66:                               - bootstrapPrefix = null
TestTerraformCompleteExample 2022-07-30T23:06:07Z logger.go:66:                               - brokerPrefix    = null
TestTerraformCompleteExample 2022-07-30T23:06:07Z logger.go:66:                               - domain          = null
TestTerraformCompleteExample 2022-07-30T23:06:07Z logger.go:66:                               - labels          = null
TestTerraformCompleteExample 2022-07-30T23:06:07Z logger.go:66:                               - wildcardPolicy  = null
TestTerraformCompleteExample 2022-07-30T23:06:07Z logger.go:66:                             }
TestTerraformCompleteExample 2022-07-30T23:06:07Z logger.go:66:                           - staticForHostBasedRouting = {
TestTerraformCompleteExample 2022-07-30T23:06:07Z logger.go:66:                               - brokerPrefix = null
TestTerraformCompleteExample 2022-07-30T23:06:07Z logger.go:66:                               - domain       = null
TestTerraformCompleteExample 2022-07-30T23:06:07Z logger.go:66:                               - port         = null
TestTerraformCompleteExample 2022-07-30T23:06:07Z logger.go:66:                             }
TestTerraformCompleteExample 2022-07-30T23:06:07Z logger.go:66:                           - staticForPortBasedRouting = {
TestTerraformCompleteExample 2022-07-30T23:06:07Z logger.go:66:                               - host       = null
TestTerraformCompleteExample 2022-07-30T23:06:07Z logger.go:66:                               - portOffset = null
TestTerraformCompleteExample 2022-07-30T23:06:07Z logger.go:66:                             }
TestTerraformCompleteExample 2022-07-30T23:06:07Z logger.go:66:                           - type                      = null
TestTerraformCompleteExample 2022-07-30T23:06:07Z logger.go:66:                         }
TestTerraformCompleteExample 2022-07-30T23:06:07Z logger.go:66:                       - tls            = {
TestTerraformCompleteExample 2022-07-30T23:06:07Z logger.go:66:                           - directoryPathInContainer = null
TestTerraformCompleteExample 2022-07-30T23:06:07Z logger.go:66:                           - enabled                  = null
TestTerraformCompleteExample 2022-07-30T23:06:07Z logger.go:66:                           - ignoreTrustStoreConfig   = null
TestTerraformCompleteExample 2022-07-30T23:06:07Z logger.go:66:                           - jksPassword              = {
TestTerraformCompleteExample 2022-07-30T23:06:07Z logger.go:66:                               - secretRef = null
TestTerraformCompleteExample 2022-07-30T23:06:07Z logger.go:66:                             }
TestTerraformCompleteExample 2022-07-30T23:06:07Z logger.go:66:                           - secretRef                = null
TestTerraformCompleteExample 2022-07-30T23:06:07Z logger.go:66:                         }
TestTerraformCompleteExample 2022-07-30T23:06:07Z logger.go:66:                     }
TestTerraformCompleteExample 2022-07-30T23:06:07Z logger.go:66:                   - internal = {
TestTerraformCompleteExample 2022-07-30T23:06:07Z logger.go:66:                       - authentication = {
TestTerraformCompleteExample 2022-07-30T23:06:07Z logger.go:66:                           - jaasConfig            = {
TestTerraformCompleteExample 2022-07-30T23:06:07Z logger.go:66:                               - secretRef = null
TestTerraformCompleteExample 2022-07-30T23:06:07Z logger.go:66:                             }
TestTerraformCompleteExample 2022-07-30T23:06:07Z logger.go:66:                           - jaasConfigPassThrough = {
TestTerraformCompleteExample 2022-07-30T23:06:07Z logger.go:66:                               - directoryPathInContainer = null
TestTerraformCompleteExample 2022-07-30T23:06:07Z logger.go:66:                               - secretRef                = null
TestTerraformCompleteExample 2022-07-30T23:06:07Z logger.go:66:                             }
TestTerraformCompleteExample 2022-07-30T23:06:07Z logger.go:66:                           - principalMappingRules = null
TestTerraformCompleteExample 2022-07-30T23:06:07Z logger.go:66:                           - type                  = null
TestTerraformCompleteExample 2022-07-30T23:06:07Z logger.go:66:                         }
TestTerraformCompleteExample 2022-07-30T23:06:07Z logger.go:66:                       - tls            = {
TestTerraformCompleteExample 2022-07-30T23:06:07Z logger.go:66:                           - directoryPathInContainer = null
TestTerraformCompleteExample 2022-07-30T23:06:07Z logger.go:66:                           - enabled                  = null
TestTerraformCompleteExample 2022-07-30T23:06:07Z logger.go:66:                           - ignoreTrustStoreConfig   = null
TestTerraformCompleteExample 2022-07-30T23:06:07Z logger.go:66:                           - jksPassword              = {
TestTerraformCompleteExample 2022-07-30T23:06:07Z logger.go:66:                               - secretRef = null
TestTerraformCompleteExample 2022-07-30T23:06:07Z logger.go:66:                             }
TestTerraformCompleteExample 2022-07-30T23:06:07Z logger.go:66:                           - secretRef                = null
TestTerraformCompleteExample 2022-07-30T23:06:07Z logger.go:66:                         }
TestTerraformCompleteExample 2022-07-30T23:06:07Z logger.go:66:                     }
TestTerraformCompleteExample 2022-07-30T23:06:07Z logger.go:66:                 }
TestTerraformCompleteExample 2022-07-30T23:06:07Z logger.go:66:               - metricReporter     = {
TestTerraformCompleteExample 2022-07-30T23:06:07Z logger.go:66:                   - authentication    = {
TestTerraformCompleteExample 2022-07-30T23:06:07Z logger.go:66:                       - jaasConfig            = {
TestTerraformCompleteExample 2022-07-30T23:06:07Z logger.go:66:                           - secretRef = null
TestTerraformCompleteExample 2022-07-30T23:06:07Z logger.go:66:                         }
TestTerraformCompleteExample 2022-07-30T23:06:07Z logger.go:66:                       - jaasConfigPassThrough = {
TestTerraformCompleteExample 2022-07-30T23:06:07Z logger.go:66:                           - directoryPathInContainer = null
TestTerraformCompleteExample 2022-07-30T23:06:07Z logger.go:66:                           - secretRef                = null
TestTerraformCompleteExample 2022-07-30T23:06:07Z logger.go:66:                         }
TestTerraformCompleteExample 2022-07-30T23:06:07Z logger.go:66:                       - oauthbearer           = {
TestTerraformCompleteExample 2022-07-30T23:06:07Z logger.go:66:                           - directoryPathInContainer = null
TestTerraformCompleteExample 2022-07-30T23:06:07Z logger.go:66:                           - secretRef                = null
TestTerraformCompleteExample 2022-07-30T23:06:07Z logger.go:66:                         }
TestTerraformCompleteExample 2022-07-30T23:06:07Z logger.go:66:                       - type                  = null
TestTerraformCompleteExample 2022-07-30T23:06:07Z logger.go:66:                     }
TestTerraformCompleteExample 2022-07-30T23:06:07Z logger.go:66:                   - bootstrapEndpoint = null
TestTerraformCompleteExample 2022-07-30T23:06:07Z logger.go:66:                   - enabled           = true
TestTerraformCompleteExample 2022-07-30T23:06:07Z logger.go:66:                   - replicationFactor = null
TestTerraformCompleteExample 2022-07-30T23:06:07Z logger.go:66:                   - tls               = {
TestTerraformCompleteExample 2022-07-30T23:06:07Z logger.go:66:                       - directoryPathInContainer = null
TestTerraformCompleteExample 2022-07-30T23:06:07Z logger.go:66:                       - enabled                  = null
TestTerraformCompleteExample 2022-07-30T23:06:07Z logger.go:66:                       - ignoreTrustStoreConfig   = null
TestTerraformCompleteExample 2022-07-30T23:06:07Z logger.go:66:                       - jksPassword              = {
TestTerraformCompleteExample 2022-07-30T23:06:07Z logger.go:66:                           - secretRef = null
TestTerraformCompleteExample 2022-07-30T23:06:07Z logger.go:66:                         }
TestTerraformCompleteExample 2022-07-30T23:06:07Z logger.go:66:                       - secretRef                = null
TestTerraformCompleteExample 2022-07-30T23:06:07Z logger.go:66:                     }
TestTerraformCompleteExample 2022-07-30T23:06:07Z logger.go:66:                 }
TestTerraformCompleteExample 2022-07-30T23:06:07Z logger.go:66:               - metrics            = {
TestTerraformCompleteExample 2022-07-30T23:06:07Z logger.go:66:                   - authentication = {
TestTerraformCompleteExample 2022-07-30T23:06:07Z logger.go:66:                       - type = null
TestTerraformCompleteExample 2022-07-30T23:06:07Z logger.go:66:                     }
TestTerraformCompleteExample 2022-07-30T23:06:07Z logger.go:66:                   - prometheus     = {
TestTerraformCompleteExample 2022-07-30T23:06:07Z logger.go:66:                       - blacklist = null
TestTerraformCompleteExample 2022-07-30T23:06:07Z logger.go:66:                       - rules     = null
TestTerraformCompleteExample 2022-07-30T23:06:07Z logger.go:66:                       - whitelist = null
TestTerraformCompleteExample 2022-07-30T23:06:07Z logger.go:66:                     }
TestTerraformCompleteExample 2022-07-30T23:06:07Z logger.go:66:                   - tls            = {
TestTerraformCompleteExample 2022-07-30T23:06:07Z logger.go:66:                       - directoryPathInContainer = null
TestTerraformCompleteExample 2022-07-30T23:06:07Z logger.go:66:                       - enabled                  = null
TestTerraformCompleteExample 2022-07-30T23:06:07Z logger.go:66:                       - ignoreTrustStoreConfig   = null
TestTerraformCompleteExample 2022-07-30T23:06:07Z logger.go:66:                       - jksPassword              = {
TestTerraformCompleteExample 2022-07-30T23:06:07Z logger.go:66:                           - secretRef = null
TestTerraformCompleteExample 2022-07-30T23:06:07Z logger.go:66:                         }
TestTerraformCompleteExample 2022-07-30T23:06:07Z logger.go:66:                       - secretRef                = null
TestTerraformCompleteExample 2022-07-30T23:06:07Z logger.go:66:                     }
TestTerraformCompleteExample 2022-07-30T23:06:07Z logger.go:66:                 }
TestTerraformCompleteExample 2022-07-30T23:06:07Z logger.go:66:               - mountedSecrets     = null
TestTerraformCompleteExample 2022-07-30T23:06:07Z logger.go:66:               - mountedVolumes     = {
TestTerraformCompleteExample 2022-07-30T23:06:07Z logger.go:66:                   - volumeMounts = null
TestTerraformCompleteExample 2022-07-30T23:06:07Z logger.go:66:                   - volumes      = null
TestTerraformCompleteExample 2022-07-30T23:06:07Z logger.go:66:                 }
TestTerraformCompleteExample 2022-07-30T23:06:07Z logger.go:66:               - oneReplicaPerNode  = null
TestTerraformCompleteExample 2022-07-30T23:06:07Z logger.go:66:               - passwordEncoder    = {
TestTerraformCompleteExample 2022-07-30T23:06:07Z logger.go:66:                   - directoryPathInContainer = null
TestTerraformCompleteExample 2022-07-30T23:06:07Z logger.go:66:                   - secretRef                = null
TestTerraformCompleteExample 2022-07-30T23:06:07Z logger.go:66:                 }
TestTerraformCompleteExample 2022-07-30T23:06:07Z logger.go:66:               - podTemplate        = {
TestTerraformCompleteExample 2022-07-30T23:06:07Z logger.go:66:                   - affinity                      = {
TestTerraformCompleteExample 2022-07-30T23:06:07Z logger.go:66:                       - nodeAffinity    = {
TestTerraformCompleteExample 2022-07-30T23:06:07Z logger.go:66:                           - preferredDuringSchedulingIgnoredDuringExecution = null
TestTerraformCompleteExample 2022-07-30T23:06:07Z logger.go:66:                           - requiredDuringSchedulingIgnoredDuringExecution  = {
TestTerraformCompleteExample 2022-07-30T23:06:07Z logger.go:66:                               - nodeSelectorTerms = null
TestTerraformCompleteExample 2022-07-30T23:06:07Z logger.go:66:                             }
TestTerraformCompleteExample 2022-07-30T23:06:07Z logger.go:66:                         }
TestTerraformCompleteExample 2022-07-30T23:06:07Z logger.go:66:                       - podAffinity     = {
TestTerraformCompleteExample 2022-07-30T23:06:07Z logger.go:66:                           - preferredDuringSchedulingIgnoredDuringExecution = null
TestTerraformCompleteExample 2022-07-30T23:06:07Z logger.go:66:                           - requiredDuringSchedulingIgnoredDuringExecution  = null
TestTerraformCompleteExample 2022-07-30T23:06:07Z logger.go:66:                         }
TestTerraformCompleteExample 2022-07-30T23:06:07Z logger.go:66:                       - podAntiAffinity = {
TestTerraformCompleteExample 2022-07-30T23:06:07Z logger.go:66:                           - preferredDuringSchedulingIgnoredDuringExecution = null
TestTerraformCompleteExample 2022-07-30T23:06:07Z logger.go:66:                           - requiredDuringSchedulingIgnoredDuringExecution  = null
TestTerraformCompleteExample 2022-07-30T23:06:07Z logger.go:66:                         }
TestTerraformCompleteExample 2022-07-30T23:06:07Z logger.go:66:                     }
TestTerraformCompleteExample 2022-07-30T23:06:07Z logger.go:66:                   - annotations                   = null
TestTerraformCompleteExample 2022-07-30T23:06:07Z logger.go:66:                   - envVars                       = null
TestTerraformCompleteExample 2022-07-30T23:06:07Z logger.go:66:                   - labels                        = null
TestTerraformCompleteExample 2022-07-30T23:06:07Z logger.go:66:                   - podSecurityContext            = {
TestTerraformCompleteExample 2022-07-30T23:06:07Z logger.go:66:                       - fsGroup             = null
TestTerraformCompleteExample 2022-07-30T23:06:07Z logger.go:66:                       - fsGroupChangePolicy = null
TestTerraformCompleteExample 2022-07-30T23:06:07Z logger.go:66:                       - runAsGroup          = null
TestTerraformCompleteExample 2022-07-30T23:06:07Z logger.go:66:                       - runAsNonRoot        = null
TestTerraformCompleteExample 2022-07-30T23:06:07Z logger.go:66:                       - runAsUser           = null
TestTerraformCompleteExample 2022-07-30T23:06:07Z logger.go:66:                       - seLinuxOptions      = {
TestTerraformCompleteExample 2022-07-30T23:06:07Z logger.go:66:                           - level = null
TestTerraformCompleteExample 2022-07-30T23:06:07Z logger.go:66:                           - role  = null
TestTerraformCompleteExample 2022-07-30T23:06:07Z logger.go:66:                           - type  = null
TestTerraformCompleteExample 2022-07-30T23:06:07Z logger.go:66:                           - user  = null
TestTerraformCompleteExample 2022-07-30T23:06:07Z logger.go:66:                         }
TestTerraformCompleteExample 2022-07-30T23:06:07Z logger.go:66:                       - seccompProfile      = {
TestTerraformCompleteExample 2022-07-30T23:06:07Z logger.go:66:                           - localhostProfile = null
TestTerraformCompleteExample 2022-07-30T23:06:07Z logger.go:66:                           - type             = null
TestTerraformCompleteExample 2022-07-30T23:06:07Z logger.go:66:                         }
TestTerraformCompleteExample 2022-07-30T23:06:07Z logger.go:66:                       - supplementalGroups  = null
TestTerraformCompleteExample 2022-07-30T23:06:07Z logger.go:66:                       - sysctls             = null
TestTerraformCompleteExample 2022-07-30T23:06:07Z logger.go:66:                       - windowsOptions      = {
TestTerraformCompleteExample 2022-07-30T23:06:07Z logger.go:66:                           - gmsaCredentialSpec     = null
TestTerraformCompleteExample 2022-07-30T23:06:07Z logger.go:66:                           - gmsaCredentialSpecName = null
TestTerraformCompleteExample 2022-07-30T23:06:07Z logger.go:66:                           - hostProcess            = null
TestTerraformCompleteExample 2022-07-30T23:06:07Z logger.go:66:                           - runAsUserName          = null
TestTerraformCompleteExample 2022-07-30T23:06:07Z logger.go:66:                         }
TestTerraformCompleteExample 2022-07-30T23:06:07Z logger.go:66:                     }
TestTerraformCompleteExample 2022-07-30T23:06:07Z logger.go:66:                   - priorityClassName             = null
TestTerraformCompleteExample 2022-07-30T23:06:07Z logger.go:66:                   - probe                         = {
TestTerraformCompleteExample 2022-07-30T23:06:07Z logger.go:66:                       - liveness  = {
TestTerraformCompleteExample 2022-07-30T23:06:07Z logger.go:66:                           - failureThreshold    = null
TestTerraformCompleteExample 2022-07-30T23:06:07Z logger.go:66:                           - initialDelaySeconds = null
TestTerraformCompleteExample 2022-07-30T23:06:07Z logger.go:66:                           - periodSeconds       = null
TestTerraformCompleteExample 2022-07-30T23:06:07Z logger.go:66:                           - successThreshold    = null
TestTerraformCompleteExample 2022-07-30T23:06:07Z logger.go:66:                           - timeoutSeconds      = null
TestTerraformCompleteExample 2022-07-30T23:06:07Z logger.go:66:                         }
TestTerraformCompleteExample 2022-07-30T23:06:07Z logger.go:66:                       - readiness = {
TestTerraformCompleteExample 2022-07-30T23:06:07Z logger.go:66:                           - failureThreshold    = null
TestTerraformCompleteExample 2022-07-30T23:06:07Z logger.go:66:                           - initialDelaySeconds = null
TestTerraformCompleteExample 2022-07-30T23:06:07Z logger.go:66:                           - periodSeconds       = null
TestTerraformCompleteExample 2022-07-30T23:06:07Z logger.go:66:                           - successThreshold    = null
TestTerraformCompleteExample 2022-07-30T23:06:07Z logger.go:66:                           - timeoutSeconds      = null
TestTerraformCompleteExample 2022-07-30T23:06:07Z logger.go:66:                         }
TestTerraformCompleteExample 2022-07-30T23:06:07Z logger.go:66:                     }
TestTerraformCompleteExample 2022-07-30T23:06:07Z logger.go:66:                   - resources                     = {
TestTerraformCompleteExample 2022-07-30T23:06:07Z logger.go:66:                       - limits   = null
TestTerraformCompleteExample 2022-07-30T23:06:07Z logger.go:66:                       - requests = null
TestTerraformCompleteExample 2022-07-30T23:06:07Z logger.go:66:                     }
TestTerraformCompleteExample 2022-07-30T23:06:07Z logger.go:66:                   - securityContext               = {
TestTerraformCompleteExample 2022-07-30T23:06:07Z logger.go:66:                       - allowPrivilegeEscalation = null
TestTerraformCompleteExample 2022-07-30T23:06:07Z logger.go:66:                       - capabilities             = {
TestTerraformCompleteExample 2022-07-30T23:06:07Z logger.go:66:                           - add  = null
TestTerraformCompleteExample 2022-07-30T23:06:07Z logger.go:66:                           - drop = null
TestTerraformCompleteExample 2022-07-30T23:06:07Z logger.go:66:                         }
TestTerraformCompleteExample 2022-07-30T23:06:07Z logger.go:66:                       - privileged               = null
TestTerraformCompleteExample 2022-07-30T23:06:07Z logger.go:66:                       - procMount                = null
TestTerraformCompleteExample 2022-07-30T23:06:07Z logger.go:66:                       - readOnlyRootFilesystem   = null
TestTerraformCompleteExample 2022-07-30T23:06:07Z logger.go:66:                       - runAsGroup               = null
TestTerraformCompleteExample 2022-07-30T23:06:07Z logger.go:66:                       - runAsNonRoot             = null
TestTerraformCompleteExample 2022-07-30T23:06:07Z logger.go:66:                       - runAsUser                = null
TestTerraformCompleteExample 2022-07-30T23:06:07Z logger.go:66:                       - seLinuxOptions           = {
TestTerraformCompleteExample 2022-07-30T23:06:07Z logger.go:66:                           - level = null
TestTerraformCompleteExample 2022-07-30T23:06:07Z logger.go:66:                           - role  = null
TestTerraformCompleteExample 2022-07-30T23:06:07Z logger.go:66:                           - type  = null
TestTerraformCompleteExample 2022-07-30T23:06:07Z logger.go:66:                           - user  = null
TestTerraformCompleteExample 2022-07-30T23:06:07Z logger.go:66:                         }
TestTerraformCompleteExample 2022-07-30T23:06:07Z logger.go:66:                       - seccompProfile           = {
TestTerraformCompleteExample 2022-07-30T23:06:07Z logger.go:66:                           - localhostProfile = null
TestTerraformCompleteExample 2022-07-30T23:06:07Z logger.go:66:                           - type             = null
TestTerraformCompleteExample 2022-07-30T23:06:07Z logger.go:66:                         }
TestTerraformCompleteExample 2022-07-30T23:06:07Z logger.go:66:                       - windowsOptions           = {
TestTerraformCompleteExample 2022-07-30T23:06:07Z logger.go:66:                           - gmsaCredentialSpec     = null
TestTerraformCompleteExample 2022-07-30T23:06:07Z logger.go:66:                           - gmsaCredentialSpecName = null
TestTerraformCompleteExample 2022-07-30T23:06:07Z logger.go:66:                           - hostProcess            = null
TestTerraformCompleteExample 2022-07-30T23:06:07Z logger.go:66:                           - runAsUserName          = null
TestTerraformCompleteExample 2022-07-30T23:06:07Z logger.go:66:                         }
TestTerraformCompleteExample 2022-07-30T23:06:07Z logger.go:66:                     }
TestTerraformCompleteExample 2022-07-30T23:06:07Z logger.go:66:                   - serviceAccountName            = null
TestTerraformCompleteExample 2022-07-30T23:06:07Z logger.go:66:                   - terminationGracePeriodSeconds = null
TestTerraformCompleteExample 2022-07-30T23:06:07Z logger.go:66:                   - tolerations                   = null
TestTerraformCompleteExample 2022-07-30T23:06:07Z logger.go:66:                   - topologySpreadConstraints     = null
TestTerraformCompleteExample 2022-07-30T23:06:07Z logger.go:66:                 }
TestTerraformCompleteExample 2022-07-30T23:06:07Z logger.go:66:               - rackAssignment     = {
TestTerraformCompleteExample 2022-07-30T23:06:07Z logger.go:66:                   - availabilityZoneCount = null
TestTerraformCompleteExample 2022-07-30T23:06:07Z logger.go:66:                   - nodeLabels            = null
TestTerraformCompleteExample 2022-07-30T23:06:07Z logger.go:66:                 }
TestTerraformCompleteExample 2022-07-30T23:06:07Z logger.go:66:               - replicas           = 3
TestTerraformCompleteExample 2022-07-30T23:06:07Z logger.go:66:               - services           = {
TestTerraformCompleteExample 2022-07-30T23:06:07Z logger.go:66:                   - kafkaRest = {
TestTerraformCompleteExample 2022-07-30T23:06:07Z logger.go:66:                       - authentication = {
TestTerraformCompleteExample 2022-07-30T23:06:07Z logger.go:66:                           - basic = {
TestTerraformCompleteExample 2022-07-30T23:06:07Z logger.go:66:                               - debug                    = null
TestTerraformCompleteExample 2022-07-30T23:06:07Z logger.go:66:                               - directoryPathInContainer = null
TestTerraformCompleteExample 2022-07-30T23:06:07Z logger.go:66:                               - restrictedRoles          = null
TestTerraformCompleteExample 2022-07-30T23:06:07Z logger.go:66:                               - roles                    = null
TestTerraformCompleteExample 2022-07-30T23:06:07Z logger.go:66:                               - secretRef                = null
TestTerraformCompleteExample 2022-07-30T23:06:07Z logger.go:66:                             }
TestTerraformCompleteExample 2022-07-30T23:06:07Z logger.go:66:                           - type  = null
TestTerraformCompleteExample 2022-07-30T23:06:07Z logger.go:66:                         }
TestTerraformCompleteExample 2022-07-30T23:06:07Z logger.go:66:                       - externalAccess = {
TestTerraformCompleteExample 2022-07-30T23:06:07Z logger.go:66:                           - loadBalancer = {
TestTerraformCompleteExample 2022-07-30T23:06:07Z logger.go:66:                               - advertisedURL            = {
TestTerraformCompleteExample 2022-07-30T23:06:07Z logger.go:66:                                   - enabled = null
TestTerraformCompleteExample 2022-07-30T23:06:07Z logger.go:66:                                   - prefix  = null
TestTerraformCompleteExample 2022-07-30T23:06:07Z logger.go:66:                                 }
TestTerraformCompleteExample 2022-07-30T23:06:07Z logger.go:66:                               - annotations              = null
TestTerraformCompleteExample 2022-07-30T23:06:07Z logger.go:66:                               - domain                   = null
TestTerraformCompleteExample 2022-07-30T23:06:07Z logger.go:66:                               - externalTrafficPolicy    = null
TestTerraformCompleteExample 2022-07-30T23:06:07Z logger.go:66:                               - labels                   = null
TestTerraformCompleteExample 2022-07-30T23:06:07Z logger.go:66:                               - loadBalancerSourceRanges = null
TestTerraformCompleteExample 2022-07-30T23:06:07Z logger.go:66:                               - port                     = null
TestTerraformCompleteExample 2022-07-30T23:06:07Z logger.go:66:                               - prefix                   = null
TestTerraformCompleteExample 2022-07-30T23:06:07Z logger.go:66:                               - servicePorts             = null
TestTerraformCompleteExample 2022-07-30T23:06:07Z logger.go:66:                               - sessionAffinity          = null
TestTerraformCompleteExample 2022-07-30T23:06:07Z logger.go:66:                               - sessionAffinityConfig    = {
TestTerraformCompleteExample 2022-07-30T23:06:07Z logger.go:66:                                   - clientIP = {
TestTerraformCompleteExample 2022-07-30T23:06:07Z logger.go:66:                                       - timeoutSeconds = null
TestTerraformCompleteExample 2022-07-30T23:06:07Z logger.go:66:                                     }
TestTerraformCompleteExample 2022-07-30T23:06:07Z logger.go:66:                                 }
TestTerraformCompleteExample 2022-07-30T23:06:07Z logger.go:66:                             }
TestTerraformCompleteExample 2022-07-30T23:06:07Z logger.go:66:                           - nodePort     = {
TestTerraformCompleteExample 2022-07-30T23:06:07Z logger.go:66:                               - advertisedURL         = {
TestTerraformCompleteExample 2022-07-30T23:06:07Z logger.go:66:                                   - enabled = null
TestTerraformCompleteExample 2022-07-30T23:06:07Z logger.go:66:                                   - prefix  = null
TestTerraformCompleteExample 2022-07-30T23:06:07Z logger.go:66:                                 }
TestTerraformCompleteExample 2022-07-30T23:06:07Z logger.go:66:                               - annotations           = null
TestTerraformCompleteExample 2022-07-30T23:06:07Z logger.go:66:                               - externalTrafficPolicy = null
TestTerraformCompleteExample 2022-07-30T23:06:07Z logger.go:66:                               - host                  = null
TestTerraformCompleteExample 2022-07-30T23:06:07Z logger.go:66:                               - labels                = null
TestTerraformCompleteExample 2022-07-30T23:06:07Z logger.go:66:                               - nodePortOffset        = null
TestTerraformCompleteExample 2022-07-30T23:06:07Z logger.go:66:                               - servicePorts          = null
TestTerraformCompleteExample 2022-07-30T23:06:07Z logger.go:66:                               - sessionAffinity       = null
TestTerraformCompleteExample 2022-07-30T23:06:07Z logger.go:66:                               - sessionAffinityConfig = {
TestTerraformCompleteExample 2022-07-30T23:06:07Z logger.go:66:                                   - clientIP = {
TestTerraformCompleteExample 2022-07-30T23:06:07Z logger.go:66:                                       - timeoutSeconds = null
TestTerraformCompleteExample 2022-07-30T23:06:07Z logger.go:66:                                     }
TestTerraformCompleteExample 2022-07-30T23:06:07Z logger.go:66:                                 }
TestTerraformCompleteExample 2022-07-30T23:06:07Z logger.go:66:                             }
TestTerraformCompleteExample 2022-07-30T23:06:07Z logger.go:66:                           - route        = {
TestTerraformCompleteExample 2022-07-30T23:06:07Z logger.go:66:                               - annotations    = null
TestTerraformCompleteExample 2022-07-30T23:06:07Z logger.go:66:                               - domain         = null
TestTerraformCompleteExample 2022-07-30T23:06:07Z logger.go:66:                               - labels         = null
TestTerraformCompleteExample 2022-07-30T23:06:07Z logger.go:66:                               - prefix         = null
TestTerraformCompleteExample 2022-07-30T23:06:07Z logger.go:66:                               - wildcardPolicy = null
TestTerraformCompleteExample 2022-07-30T23:06:07Z logger.go:66:                             }
TestTerraformCompleteExample 2022-07-30T23:06:07Z logger.go:66:                           - type         = null
TestTerraformCompleteExample 2022-07-30T23:06:07Z logger.go:66:                         }
TestTerraformCompleteExample 2022-07-30T23:06:07Z logger.go:66:                       - tls            = {
TestTerraformCompleteExample 2022-07-30T23:06:07Z logger.go:66:                           - directoryPathInContainer = null
TestTerraformCompleteExample 2022-07-30T23:06:07Z logger.go:66:                           - enabled                  = null
TestTerraformCompleteExample 2022-07-30T23:06:07Z logger.go:66:                           - ignoreTrustStoreConfig   = null
TestTerraformCompleteExample 2022-07-30T23:06:07Z logger.go:66:                           - jksPassword              = {
TestTerraformCompleteExample 2022-07-30T23:06:07Z logger.go:66:                               - secretRef = null
TestTerraformCompleteExample 2022-07-30T23:06:07Z logger.go:66:                             }
TestTerraformCompleteExample 2022-07-30T23:06:07Z logger.go:66:                           - secretRef                = null
TestTerraformCompleteExample 2022-07-30T23:06:07Z logger.go:66:                         }
TestTerraformCompleteExample 2022-07-30T23:06:07Z logger.go:66:                     }
TestTerraformCompleteExample 2022-07-30T23:06:07Z logger.go:66:                   - mds       = {
TestTerraformCompleteExample 2022-07-30T23:06:07Z logger.go:66:                       - authentication = {
TestTerraformCompleteExample 2022-07-30T23:06:07Z logger.go:66:                           - type = null
TestTerraformCompleteExample 2022-07-30T23:06:07Z logger.go:66:                         }
TestTerraformCompleteExample 2022-07-30T23:06:07Z logger.go:66:                       - externalAccess = {
TestTerraformCompleteExample 2022-07-30T23:06:07Z logger.go:66:                           - loadBalancer = {
TestTerraformCompleteExample 2022-07-30T23:06:07Z logger.go:66:                               - advertisedURL            = {
TestTerraformCompleteExample 2022-07-30T23:06:07Z logger.go:66:                                   - enabled = null
TestTerraformCompleteExample 2022-07-30T23:06:07Z logger.go:66:                                   - prefix  = null
TestTerraformCompleteExample 2022-07-30T23:06:07Z logger.go:66:                                 }
TestTerraformCompleteExample 2022-07-30T23:06:07Z logger.go:66:                               - annotations              = null
TestTerraformCompleteExample 2022-07-30T23:06:07Z logger.go:66:                               - domain                   = null
TestTerraformCompleteExample 2022-07-30T23:06:07Z logger.go:66:                               - externalTrafficPolicy    = null
TestTerraformCompleteExample 2022-07-30T23:06:07Z logger.go:66:                               - labels                   = null
TestTerraformCompleteExample 2022-07-30T23:06:07Z logger.go:66:                               - loadBalancerSourceRanges = null
TestTerraformCompleteExample 2022-07-30T23:06:07Z logger.go:66:                               - port                     = null
TestTerraformCompleteExample 2022-07-30T23:06:07Z logger.go:66:                               - prefix                   = null
TestTerraformCompleteExample 2022-07-30T23:06:07Z logger.go:66:                               - servicePorts             = null
TestTerraformCompleteExample 2022-07-30T23:06:07Z logger.go:66:                               - sessionAffinity          = null
TestTerraformCompleteExample 2022-07-30T23:06:07Z logger.go:66:                               - sessionAffinityConfig    = {
TestTerraformCompleteExample 2022-07-30T23:06:07Z logger.go:66:                                   - clientIP = {
TestTerraformCompleteExample 2022-07-30T23:06:07Z logger.go:66:                                       - timeoutSeconds = null
TestTerraformCompleteExample 2022-07-30T23:06:07Z logger.go:66:                                     }
TestTerraformCompleteExample 2022-07-30T23:06:07Z logger.go:66:                                 }
TestTerraformCompleteExample 2022-07-30T23:06:07Z logger.go:66:                             }
TestTerraformCompleteExample 2022-07-30T23:06:07Z logger.go:66:                           - nodePort     = {
TestTerraformCompleteExample 2022-07-30T23:06:07Z logger.go:66:                               - advertisedURL         = {
TestTerraformCompleteExample 2022-07-30T23:06:07Z logger.go:66:                                   - enabled = null
TestTerraformCompleteExample 2022-07-30T23:06:07Z logger.go:66:                                   - prefix  = null
TestTerraformCompleteExample 2022-07-30T23:06:07Z logger.go:66:                                 }
TestTerraformCompleteExample 2022-07-30T23:06:07Z logger.go:66:                               - annotations           = null
TestTerraformCompleteExample 2022-07-30T23:06:07Z logger.go:66:                               - externalTrafficPolicy = null
TestTerraformCompleteExample 2022-07-30T23:06:07Z logger.go:66:                               - host                  = null
TestTerraformCompleteExample 2022-07-30T23:06:07Z logger.go:66:                               - labels                = null
TestTerraformCompleteExample 2022-07-30T23:06:07Z logger.go:66:                               - nodePortOffset        = null
TestTerraformCompleteExample 2022-07-30T23:06:07Z logger.go:66:                               - servicePorts          = null
TestTerraformCompleteExample 2022-07-30T23:06:07Z logger.go:66:                               - sessionAffinity       = null
TestTerraformCompleteExample 2022-07-30T23:06:07Z logger.go:66:                               - sessionAffinityConfig = {
TestTerraformCompleteExample 2022-07-30T23:06:07Z logger.go:66:                                   - clientIP = {
TestTerraformCompleteExample 2022-07-30T23:06:07Z logger.go:66:                                       - timeoutSeconds = null
TestTerraformCompleteExample 2022-07-30T23:06:07Z logger.go:66:                                     }
TestTerraformCompleteExample 2022-07-30T23:06:07Z logger.go:66:                                 }
TestTerraformCompleteExample 2022-07-30T23:06:07Z logger.go:66:                             }
TestTerraformCompleteExample 2022-07-30T23:06:07Z logger.go:66:                           - route        = {
TestTerraformCompleteExample 2022-07-30T23:06:07Z logger.go:66:                               - annotations    = null
TestTerraformCompleteExample 2022-07-30T23:06:07Z logger.go:66:                               - domain         = null
TestTerraformCompleteExample 2022-07-30T23:06:07Z logger.go:66:                               - labels         = null
TestTerraformCompleteExample 2022-07-30T23:06:07Z logger.go:66:                               - prefix         = null
TestTerraformCompleteExample 2022-07-30T23:06:07Z logger.go:66:                               - wildcardPolicy = null
TestTerraformCompleteExample 2022-07-30T23:06:07Z logger.go:66:                             }
TestTerraformCompleteExample 2022-07-30T23:06:07Z logger.go:66:                           - type         = null
TestTerraformCompleteExample 2022-07-30T23:06:07Z logger.go:66:                         }
TestTerraformCompleteExample 2022-07-30T23:06:07Z logger.go:66:                       - provider       = {
TestTerraformCompleteExample 2022-07-30T23:06:07Z logger.go:66:                           - ldap = {
TestTerraformCompleteExample 2022-07-30T23:06:07Z logger.go:66:                               - address        = null
TestTerraformCompleteExample 2022-07-30T23:06:07Z logger.go:66:                               - authentication = {
TestTerraformCompleteExample 2022-07-30T23:06:07Z logger.go:66:                                   - simple = {
TestTerraformCompleteExample 2022-07-30T23:06:07Z logger.go:66:                                       - directoryPathInContainer = null
TestTerraformCompleteExample 2022-07-30T23:06:07Z logger.go:66:                                       - secretRef                = null
TestTerraformCompleteExample 2022-07-30T23:06:07Z logger.go:66:                                     }
TestTerraformCompleteExample 2022-07-30T23:06:07Z logger.go:66:                                   - type   = null
TestTerraformCompleteExample 2022-07-30T23:06:07Z logger.go:66:                                 }
TestTerraformCompleteExample 2022-07-30T23:06:07Z logger.go:66:                               - configurations = {
TestTerraformCompleteExample 2022-07-30T23:06:07Z logger.go:66:                                   - groupMemberAttribute         = null
TestTerraformCompleteExample 2022-07-30T23:06:07Z logger.go:66:                                   - groupMemberAttributePattern  = null
TestTerraformCompleteExample 2022-07-30T23:06:07Z logger.go:66:                                   - groupNameAttribute           = null
TestTerraformCompleteExample 2022-07-30T23:06:07Z logger.go:66:                                   - groupObjectClass             = null
TestTerraformCompleteExample 2022-07-30T23:06:07Z logger.go:66:                                   - groupSearchBase              = null
TestTerraformCompleteExample 2022-07-30T23:06:07Z logger.go:66:                                   - groupSearchFilter            = null
TestTerraformCompleteExample 2022-07-30T23:06:07Z logger.go:66:                                   - groupSearchScope             = null
TestTerraformCompleteExample 2022-07-30T23:06:07Z logger.go:66:                                   - userMemberOfAttributePattern = null
TestTerraformCompleteExample 2022-07-30T23:06:07Z logger.go:66:                                   - userNameAttribute            = null
TestTerraformCompleteExample 2022-07-30T23:06:07Z logger.go:66:                                   - userObjectClass              = null
TestTerraformCompleteExample 2022-07-30T23:06:07Z logger.go:66:                                   - userSearchBase               = null
TestTerraformCompleteExample 2022-07-30T23:06:07Z logger.go:66:                                   - userSearchFilter             = null
TestTerraformCompleteExample 2022-07-30T23:06:07Z logger.go:66:                                   - userSearchScope              = null
TestTerraformCompleteExample 2022-07-30T23:06:07Z logger.go:66:                                 }
TestTerraformCompleteExample 2022-07-30T23:06:07Z logger.go:66:                               - tls            = {
TestTerraformCompleteExample 2022-07-30T23:06:07Z logger.go:66:                                   - directoryPathInContainer = null
TestTerraformCompleteExample 2022-07-30T23:06:07Z logger.go:66:                                   - enabled                  = null
TestTerraformCompleteExample 2022-07-30T23:06:07Z logger.go:66:                                   - ignoreTrustStoreConfig   = null
TestTerraformCompleteExample 2022-07-30T23:06:07Z logger.go:66:                                   - jksPassword              = {
TestTerraformCompleteExample 2022-07-30T23:06:07Z logger.go:66:                                       - secretRef = null
TestTerraformCompleteExample 2022-07-30T23:06:07Z logger.go:66:                                     }
TestTerraformCompleteExample 2022-07-30T23:06:07Z logger.go:66:                                   - secretRef                = null
TestTerraformCompleteExample 2022-07-30T23:06:07Z logger.go:66:                                 }
TestTerraformCompleteExample 2022-07-30T23:06:07Z logger.go:66:                             }
TestTerraformCompleteExample 2022-07-30T23:06:07Z logger.go:66:                           - type = null
TestTerraformCompleteExample 2022-07-30T23:06:07Z logger.go:66:                         }
TestTerraformCompleteExample 2022-07-30T23:06:07Z logger.go:66:                       - tls            = {
TestTerraformCompleteExample 2022-07-30T23:06:07Z logger.go:66:                           - directoryPathInContainer = null
TestTerraformCompleteExample 2022-07-30T23:06:07Z logger.go:66:                           - enabled                  = null
TestTerraformCompleteExample 2022-07-30T23:06:07Z logger.go:66:                           - ignoreTrustStoreConfig   = null
TestTerraformCompleteExample 2022-07-30T23:06:07Z logger.go:66:                           - jksPassword              = {
TestTerraformCompleteExample 2022-07-30T23:06:07Z logger.go:66:                               - secretRef = null
TestTerraformCompleteExample 2022-07-30T23:06:07Z logger.go:66:                             }
TestTerraformCompleteExample 2022-07-30T23:06:07Z logger.go:66:                           - secretRef                = null
TestTerraformCompleteExample 2022-07-30T23:06:07Z logger.go:66:                         }
TestTerraformCompleteExample 2022-07-30T23:06:07Z logger.go:66:                       - tokenKeyPair   = {
TestTerraformCompleteExample 2022-07-30T23:06:07Z logger.go:66:                           - directoryPathInContainer = null
TestTerraformCompleteExample 2022-07-30T23:06:07Z logger.go:66:                           - secretRef                = null
TestTerraformCompleteExample 2022-07-30T23:06:07Z logger.go:66:                         }
TestTerraformCompleteExample 2022-07-30T23:06:07Z logger.go:66:                     }
TestTerraformCompleteExample 2022-07-30T23:06:07Z logger.go:66:                 }
TestTerraformCompleteExample 2022-07-30T23:06:07Z logger.go:66:               - storageClass       = {
TestTerraformCompleteExample 2022-07-30T23:06:07Z logger.go:66:                   - name = null
TestTerraformCompleteExample 2022-07-30T23:06:07Z logger.go:66:                 }
TestTerraformCompleteExample 2022-07-30T23:06:07Z logger.go:66:               - telemetry          = {
TestTerraformCompleteExample 2022-07-30T23:06:07Z logger.go:66:                   - global = null
TestTerraformCompleteExample 2022-07-30T23:06:07Z logger.go:66:                 }
TestTerraformCompleteExample 2022-07-30T23:06:07Z logger.go:66:               - tls                = {
TestTerraformCompleteExample 2022-07-30T23:06:07Z logger.go:66:                   - autoGeneratedCerts       = null
TestTerraformCompleteExample 2022-07-30T23:06:07Z logger.go:66:                   - directoryPathInContainer = null
TestTerraformCompleteExample 2022-07-30T23:06:07Z logger.go:66:                   - ignoreTrustStoreConfig   = null
TestTerraformCompleteExample 2022-07-30T23:06:07Z logger.go:66:                   - jksPassword              = {
TestTerraformCompleteExample 2022-07-30T23:06:07Z logger.go:66:                       - secretRef = null
TestTerraformCompleteExample 2022-07-30T23:06:07Z logger.go:66:                     }
TestTerraformCompleteExample 2022-07-30T23:06:07Z logger.go:66:                   - secretRef                = null
TestTerraformCompleteExample 2022-07-30T23:06:07Z logger.go:66:                 }
TestTerraformCompleteExample 2022-07-30T23:06:07Z logger.go:66:             }
TestTerraformCompleteExample 2022-07-30T23:06:07Z logger.go:66:         } -> null
TestTerraformCompleteExample 2022-07-30T23:06:07Z logger.go:66:
TestTerraformCompleteExample 2022-07-30T23:06:07Z logger.go:66:       - timeouts {
TestTerraformCompleteExample 2022-07-30T23:06:07Z logger.go:66:           - create = "1h" -> null
TestTerraformCompleteExample 2022-07-30T23:06:07Z logger.go:66:           - delete = "10m" -> null
TestTerraformCompleteExample 2022-07-30T23:06:07Z logger.go:66:           - update = "1h" -> null
TestTerraformCompleteExample 2022-07-30T23:06:07Z logger.go:66:         }
TestTerraformCompleteExample 2022-07-30T23:06:07Z logger.go:66:
TestTerraformCompleteExample 2022-07-30T23:06:07Z logger.go:66:       - wait {
TestTerraformCompleteExample 2022-07-30T23:06:07Z logger.go:66:           - fields = {
TestTerraformCompleteExample 2022-07-30T23:06:07Z logger.go:66:               - "status.phase" = "RUNNING"
TestTerraformCompleteExample 2022-07-30T23:06:07Z logger.go:66:             } -> null
TestTerraformCompleteExample 2022-07-30T23:06:07Z logger.go:66:         }
TestTerraformCompleteExample 2022-07-30T23:06:07Z logger.go:66:     }
TestTerraformCompleteExample 2022-07-30T23:06:07Z logger.go:66:
TestTerraformCompleteExample 2022-07-30T23:06:07Z logger.go:66:   # module.confluent_platform.kubernetes_manifest.component["kafkarestproxy"] will be destroyed
TestTerraformCompleteExample 2022-07-30T23:06:07Z logger.go:66:   - resource "kubernetes_manifest" "component" {
TestTerraformCompleteExample 2022-07-30T23:06:07Z logger.go:66:       - computed_fields = [
TestTerraformCompleteExample 2022-07-30T23:06:07Z logger.go:66:           - "metadata.finalizers",
TestTerraformCompleteExample 2022-07-30T23:06:07Z logger.go:66:         ] -> null
TestTerraformCompleteExample 2022-07-30T23:06:07Z logger.go:66:       - manifest        = {
TestTerraformCompleteExample 2022-07-30T23:06:07Z logger.go:66:           - apiVersion = "platform.confluent.io/v1beta1"
TestTerraformCompleteExample 2022-07-30T23:06:07Z logger.go:66:           - kind       = "KafkaRestProxy"
TestTerraformCompleteExample 2022-07-30T23:06:07Z logger.go:66:           - metadata   = {
TestTerraformCompleteExample 2022-07-30T23:06:07Z logger.go:66:               - name      = "kafkarestproxy"
TestTerraformCompleteExample 2022-07-30T23:06:07Z logger.go:66:               - namespace = "confluent"
TestTerraformCompleteExample 2022-07-30T23:06:07Z logger.go:66:             }
TestTerraformCompleteExample 2022-07-30T23:06:07Z logger.go:66:           - spec       = {
TestTerraformCompleteExample 2022-07-30T23:06:07Z logger.go:66:               - dependencies = {
TestTerraformCompleteExample 2022-07-30T23:06:07Z logger.go:66:                   - schemaRegistry = {
TestTerraformCompleteExample 2022-07-30T23:06:07Z logger.go:66:                       - url = "http://schemaregistry.confluent.svc.cluster.local:8081"
TestTerraformCompleteExample 2022-07-30T23:06:07Z logger.go:66:                     }
TestTerraformCompleteExample 2022-07-30T23:06:07Z logger.go:66:                 }
TestTerraformCompleteExample 2022-07-30T23:06:07Z logger.go:66:               - image        = {
TestTerraformCompleteExample 2022-07-30T23:06:07Z logger.go:66:                   - application = "confluentinc/cp-kafka-rest:7.2.0"
TestTerraformCompleteExample 2022-07-30T23:06:07Z logger.go:66:                   - init        = "confluentinc/confluent-init-container:2.4.0"
TestTerraformCompleteExample 2022-07-30T23:06:07Z logger.go:66:                 }
TestTerraformCompleteExample 2022-07-30T23:06:07Z logger.go:66:               - replicas     = 1
TestTerraformCompleteExample 2022-07-30T23:06:07Z logger.go:66:             }
TestTerraformCompleteExample 2022-07-30T23:06:07Z logger.go:66:         } -> null
TestTerraformCompleteExample 2022-07-30T23:06:07Z logger.go:66:       - object          = {
TestTerraformCompleteExample 2022-07-30T23:06:07Z logger.go:66:           - apiVersion = "platform.confluent.io/v1beta1"
TestTerraformCompleteExample 2022-07-30T23:06:07Z logger.go:66:           - kind       = "KafkaRestProxy"
TestTerraformCompleteExample 2022-07-30T23:06:07Z logger.go:66:           - metadata   = {
TestTerraformCompleteExample 2022-07-30T23:06:07Z logger.go:66:               - annotations                = null
TestTerraformCompleteExample 2022-07-30T23:06:07Z logger.go:66:               - clusterName                = null
TestTerraformCompleteExample 2022-07-30T23:06:07Z logger.go:66:               - creationTimestamp          = null
TestTerraformCompleteExample 2022-07-30T23:06:07Z logger.go:66:               - deletionGracePeriodSeconds = null
TestTerraformCompleteExample 2022-07-30T23:06:07Z logger.go:66:               - deletionTimestamp          = null
TestTerraformCompleteExample 2022-07-30T23:06:07Z logger.go:66:               - finalizers                 = [
TestTerraformCompleteExample 2022-07-30T23:06:07Z logger.go:66:                   - "kafkarestproxy.finalizers.platform.confluent.io",
TestTerraformCompleteExample 2022-07-30T23:06:07Z logger.go:66:                 ]
TestTerraformCompleteExample 2022-07-30T23:06:07Z logger.go:66:               - generateName               = null
TestTerraformCompleteExample 2022-07-30T23:06:07Z logger.go:66:               - generation                 = null
TestTerraformCompleteExample 2022-07-30T23:06:07Z logger.go:66:               - labels                     = null
TestTerraformCompleteExample 2022-07-30T23:06:07Z logger.go:66:               - managedFields              = null
TestTerraformCompleteExample 2022-07-30T23:06:07Z logger.go:66:               - name                       = "kafkarestproxy"
TestTerraformCompleteExample 2022-07-30T23:06:07Z logger.go:66:               - namespace                  = "confluent"
TestTerraformCompleteExample 2022-07-30T23:06:07Z logger.go:66:               - ownerReferences            = null
TestTerraformCompleteExample 2022-07-30T23:06:07Z logger.go:66:               - resourceVersion            = null
TestTerraformCompleteExample 2022-07-30T23:06:07Z logger.go:66:               - selfLink                   = null
TestTerraformCompleteExample 2022-07-30T23:06:07Z logger.go:66:               - uid                        = null
TestTerraformCompleteExample 2022-07-30T23:06:07Z logger.go:66:             }
TestTerraformCompleteExample 2022-07-30T23:06:07Z logger.go:66:           - spec       = {
TestTerraformCompleteExample 2022-07-30T23:06:07Z logger.go:66:               - authentication    = {
TestTerraformCompleteExample 2022-07-30T23:06:07Z logger.go:66:                   - basic = {
TestTerraformCompleteExample 2022-07-30T23:06:07Z logger.go:66:                       - debug                    = null
TestTerraformCompleteExample 2022-07-30T23:06:07Z logger.go:66:                       - directoryPathInContainer = null
TestTerraformCompleteExample 2022-07-30T23:06:07Z logger.go:66:                       - restrictedRoles          = null
TestTerraformCompleteExample 2022-07-30T23:06:07Z logger.go:66:                       - roles                    = null
TestTerraformCompleteExample 2022-07-30T23:06:07Z logger.go:66:                       - secretRef                = null
TestTerraformCompleteExample 2022-07-30T23:06:07Z logger.go:66:                     }
TestTerraformCompleteExample 2022-07-30T23:06:07Z logger.go:66:                   - type  = null
TestTerraformCompleteExample 2022-07-30T23:06:07Z logger.go:66:                 }
TestTerraformCompleteExample 2022-07-30T23:06:07Z logger.go:66:               - authorization     = {
TestTerraformCompleteExample 2022-07-30T23:06:07Z logger.go:66:                   - kafkaRestClassRef = {
TestTerraformCompleteExample 2022-07-30T23:06:07Z logger.go:66:                       - name      = null
TestTerraformCompleteExample 2022-07-30T23:06:07Z logger.go:66:                       - namespace = null
TestTerraformCompleteExample 2022-07-30T23:06:07Z logger.go:66:                     }
TestTerraformCompleteExample 2022-07-30T23:06:07Z logger.go:66:                   - type              = null
TestTerraformCompleteExample 2022-07-30T23:06:07Z logger.go:66:                 }
TestTerraformCompleteExample 2022-07-30T23:06:07Z logger.go:66:               - configOverrides   = {
TestTerraformCompleteExample 2022-07-30T23:06:07Z logger.go:66:                   - jvm    = null
TestTerraformCompleteExample 2022-07-30T23:06:07Z logger.go:66:                   - log4j  = null
TestTerraformCompleteExample 2022-07-30T23:06:07Z logger.go:66:                   - server = null
TestTerraformCompleteExample 2022-07-30T23:06:07Z logger.go:66:                 }
TestTerraformCompleteExample 2022-07-30T23:06:07Z logger.go:66:               - dependencies      = {
TestTerraformCompleteExample 2022-07-30T23:06:07Z logger.go:66:                   - interceptor    = {
TestTerraformCompleteExample 2022-07-30T23:06:07Z logger.go:66:                       - configs   = null
TestTerraformCompleteExample 2022-07-30T23:06:07Z logger.go:66:                       - consumer  = {
TestTerraformCompleteExample 2022-07-30T23:06:07Z logger.go:66:                           - authentication    = {
TestTerraformCompleteExample 2022-07-30T23:06:07Z logger.go:66:                               - jaasConfig            = {
TestTerraformCompleteExample 2022-07-30T23:06:07Z logger.go:66:                                   - secretRef = null
TestTerraformCompleteExample 2022-07-30T23:06:07Z logger.go:66:                                 }
TestTerraformCompleteExample 2022-07-30T23:06:07Z logger.go:66:                               - jaasConfigPassThrough = {
TestTerraformCompleteExample 2022-07-30T23:06:07Z logger.go:66:                                   - directoryPathInContainer = null
TestTerraformCompleteExample 2022-07-30T23:06:07Z logger.go:66:                                   - secretRef                = null
TestTerraformCompleteExample 2022-07-30T23:06:07Z logger.go:66:                                 }
TestTerraformCompleteExample 2022-07-30T23:06:07Z logger.go:66:                               - oauthbearer           = {
TestTerraformCompleteExample 2022-07-30T23:06:07Z logger.go:66:                                   - directoryPathInContainer = null
TestTerraformCompleteExample 2022-07-30T23:06:07Z logger.go:66:                                   - secretRef                = null
TestTerraformCompleteExample 2022-07-30T23:06:07Z logger.go:66:                                 }
TestTerraformCompleteExample 2022-07-30T23:06:07Z logger.go:66:                               - type                  = null
TestTerraformCompleteExample 2022-07-30T23:06:07Z logger.go:66:                             }
TestTerraformCompleteExample 2022-07-30T23:06:07Z logger.go:66:                           - bootstrapEndpoint = null
TestTerraformCompleteExample 2022-07-30T23:06:07Z logger.go:66:                           - discovery         = {
TestTerraformCompleteExample 2022-07-30T23:06:07Z logger.go:66:                               - name      = null
TestTerraformCompleteExample 2022-07-30T23:06:07Z logger.go:66:                               - namespace = null
TestTerraformCompleteExample 2022-07-30T23:06:07Z logger.go:66:                               - secretRef = null
TestTerraformCompleteExample 2022-07-30T23:06:07Z logger.go:66:                             }
TestTerraformCompleteExample 2022-07-30T23:06:07Z logger.go:66:                           - tls               = {
TestTerraformCompleteExample 2022-07-30T23:06:07Z logger.go:66:                               - directoryPathInContainer = null
TestTerraformCompleteExample 2022-07-30T23:06:07Z logger.go:66:                               - enabled                  = null
TestTerraformCompleteExample 2022-07-30T23:06:07Z logger.go:66:                               - ignoreTrustStoreConfig   = null
TestTerraformCompleteExample 2022-07-30T23:06:07Z logger.go:66:                               - jksPassword              = {
TestTerraformCompleteExample 2022-07-30T23:06:07Z logger.go:66:                                   - secretRef = null
TestTerraformCompleteExample 2022-07-30T23:06:07Z logger.go:66:                                 }
TestTerraformCompleteExample 2022-07-30T23:06:07Z logger.go:66:                               - secretRef                = null
TestTerraformCompleteExample 2022-07-30T23:06:07Z logger.go:66:                             }
TestTerraformCompleteExample 2022-07-30T23:06:07Z logger.go:66:                         }
TestTerraformCompleteExample 2022-07-30T23:06:07Z logger.go:66:                       - enabled   = null
TestTerraformCompleteExample 2022-07-30T23:06:07Z logger.go:66:                       - producer  = {
TestTerraformCompleteExample 2022-07-30T23:06:07Z logger.go:66:                           - authentication    = {
TestTerraformCompleteExample 2022-07-30T23:06:07Z logger.go:66:                               - jaasConfig            = {
TestTerraformCompleteExample 2022-07-30T23:06:07Z logger.go:66:                                   - secretRef = null
TestTerraformCompleteExample 2022-07-30T23:06:07Z logger.go:66:                                 }
TestTerraformCompleteExample 2022-07-30T23:06:07Z logger.go:66:                               - jaasConfigPassThrough = {
TestTerraformCompleteExample 2022-07-30T23:06:07Z logger.go:66:                                   - directoryPathInContainer = null
TestTerraformCompleteExample 2022-07-30T23:06:07Z logger.go:66:                                   - secretRef                = null
TestTerraformCompleteExample 2022-07-30T23:06:07Z logger.go:66:                                 }
TestTerraformCompleteExample 2022-07-30T23:06:07Z logger.go:66:                               - oauthbearer           = {
TestTerraformCompleteExample 2022-07-30T23:06:07Z logger.go:66:                                   - directoryPathInContainer = null
TestTerraformCompleteExample 2022-07-30T23:06:07Z logger.go:66:                                   - secretRef                = null
TestTerraformCompleteExample 2022-07-30T23:06:07Z logger.go:66:                                 }
TestTerraformCompleteExample 2022-07-30T23:06:07Z logger.go:66:                               - type                  = null
TestTerraformCompleteExample 2022-07-30T23:06:07Z logger.go:66:                             }
TestTerraformCompleteExample 2022-07-30T23:06:07Z logger.go:66:                           - bootstrapEndpoint = null
TestTerraformCompleteExample 2022-07-30T23:06:07Z logger.go:66:                           - discovery         = {
TestTerraformCompleteExample 2022-07-30T23:06:07Z logger.go:66:                               - name      = null
TestTerraformCompleteExample 2022-07-30T23:06:07Z logger.go:66:                               - namespace = null
TestTerraformCompleteExample 2022-07-30T23:06:07Z logger.go:66:                               - secretRef = null
TestTerraformCompleteExample 2022-07-30T23:06:07Z logger.go:66:                             }
TestTerraformCompleteExample 2022-07-30T23:06:07Z logger.go:66:                           - tls               = {
TestTerraformCompleteExample 2022-07-30T23:06:07Z logger.go:66:                               - directoryPathInContainer = null
TestTerraformCompleteExample 2022-07-30T23:06:07Z logger.go:66:                               - enabled                  = null
TestTerraformCompleteExample 2022-07-30T23:06:07Z logger.go:66:                               - ignoreTrustStoreConfig   = null
TestTerraformCompleteExample 2022-07-30T23:06:07Z logger.go:66:                               - jksPassword              = {
TestTerraformCompleteExample 2022-07-30T23:06:07Z logger.go:66:                                   - secretRef = null
TestTerraformCompleteExample 2022-07-30T23:06:07Z logger.go:66:                                 }
TestTerraformCompleteExample 2022-07-30T23:06:07Z logger.go:66:                               - secretRef                = null
TestTerraformCompleteExample 2022-07-30T23:06:07Z logger.go:66:                             }
TestTerraformCompleteExample 2022-07-30T23:06:07Z logger.go:66:                         }
TestTerraformCompleteExample 2022-07-30T23:06:07Z logger.go:66:                       - publishMs = null
TestTerraformCompleteExample 2022-07-30T23:06:07Z logger.go:66:                     }
TestTerraformCompleteExample 2022-07-30T23:06:07Z logger.go:66:                   - kafka          = {
TestTerraformCompleteExample 2022-07-30T23:06:07Z logger.go:66:                       - authentication    = {
TestTerraformCompleteExample 2022-07-30T23:06:07Z logger.go:66:                           - jaasConfig            = {
TestTerraformCompleteExample 2022-07-30T23:06:07Z logger.go:66:                               - secretRef = null
TestTerraformCompleteExample 2022-07-30T23:06:07Z logger.go:66:                             }
TestTerraformCompleteExample 2022-07-30T23:06:07Z logger.go:66:                           - jaasConfigPassThrough = {
TestTerraformCompleteExample 2022-07-30T23:06:07Z logger.go:66:                               - directoryPathInContainer = null
TestTerraformCompleteExample 2022-07-30T23:06:07Z logger.go:66:                               - secretRef                = null
TestTerraformCompleteExample 2022-07-30T23:06:07Z logger.go:66:                             }
TestTerraformCompleteExample 2022-07-30T23:06:07Z logger.go:66:                           - oauthbearer           = {
TestTerraformCompleteExample 2022-07-30T23:06:07Z logger.go:66:                               - directoryPathInContainer = null
TestTerraformCompleteExample 2022-07-30T23:06:07Z logger.go:66:                               - secretRef                = null
TestTerraformCompleteExample 2022-07-30T23:06:07Z logger.go:66:                             }
TestTerraformCompleteExample 2022-07-30T23:06:07Z logger.go:66:                           - type                  = null
TestTerraformCompleteExample 2022-07-30T23:06:07Z logger.go:66:                         }
TestTerraformCompleteExample 2022-07-30T23:06:07Z logger.go:66:                       - bootstrapEndpoint = null
TestTerraformCompleteExample 2022-07-30T23:06:07Z logger.go:66:                       - discovery         = {
TestTerraformCompleteExample 2022-07-30T23:06:07Z logger.go:66:                           - name      = null
TestTerraformCompleteExample 2022-07-30T23:06:07Z logger.go:66:                           - namespace = null
TestTerraformCompleteExample 2022-07-30T23:06:07Z logger.go:66:                           - secretRef = null
TestTerraformCompleteExample 2022-07-30T23:06:07Z logger.go:66:                         }
TestTerraformCompleteExample 2022-07-30T23:06:07Z logger.go:66:                       - tls               = {
TestTerraformCompleteExample 2022-07-30T23:06:07Z logger.go:66:                           - directoryPathInContainer = null
TestTerraformCompleteExample 2022-07-30T23:06:07Z logger.go:66:                           - enabled                  = null
TestTerraformCompleteExample 2022-07-30T23:06:07Z logger.go:66:                           - ignoreTrustStoreConfig   = null
TestTerraformCompleteExample 2022-07-30T23:06:07Z logger.go:66:                           - jksPassword              = {
TestTerraformCompleteExample 2022-07-30T23:06:07Z logger.go:66:                               - secretRef = null
TestTerraformCompleteExample 2022-07-30T23:06:07Z logger.go:66:                             }
TestTerraformCompleteExample 2022-07-30T23:06:07Z logger.go:66:                           - secretRef                = null
TestTerraformCompleteExample 2022-07-30T23:06:07Z logger.go:66:                         }
TestTerraformCompleteExample 2022-07-30T23:06:07Z logger.go:66:                     }
TestTerraformCompleteExample 2022-07-30T23:06:07Z logger.go:66:                   - mds            = {
TestTerraformCompleteExample 2022-07-30T23:06:07Z logger.go:66:                       - authentication = {
TestTerraformCompleteExample 2022-07-30T23:06:07Z logger.go:66:                           - bearer = {
TestTerraformCompleteExample 2022-07-30T23:06:07Z logger.go:66:                               - directoryPathInContainer = null
TestTerraformCompleteExample 2022-07-30T23:06:07Z logger.go:66:                               - secretRef                = null
TestTerraformCompleteExample 2022-07-30T23:06:07Z logger.go:66:                             }
TestTerraformCompleteExample 2022-07-30T23:06:07Z logger.go:66:                           - type   = null
TestTerraformCompleteExample 2022-07-30T23:06:07Z logger.go:66:                         }
TestTerraformCompleteExample 2022-07-30T23:06:07Z logger.go:66:                       - endpoint       = null
TestTerraformCompleteExample 2022-07-30T23:06:07Z logger.go:66:                       - tls            = {
TestTerraformCompleteExample 2022-07-30T23:06:07Z logger.go:66:                           - directoryPathInContainer = null
TestTerraformCompleteExample 2022-07-30T23:06:07Z logger.go:66:                           - enabled                  = null
TestTerraformCompleteExample 2022-07-30T23:06:07Z logger.go:66:                           - ignoreTrustStoreConfig   = null
TestTerraformCompleteExample 2022-07-30T23:06:07Z logger.go:66:                           - jksPassword              = {
TestTerraformCompleteExample 2022-07-30T23:06:07Z logger.go:66:                               - secretRef = null
TestTerraformCompleteExample 2022-07-30T23:06:07Z logger.go:66:                             }
TestTerraformCompleteExample 2022-07-30T23:06:07Z logger.go:66:                           - secretRef                = null
TestTerraformCompleteExample 2022-07-30T23:06:07Z logger.go:66:                         }
TestTerraformCompleteExample 2022-07-30T23:06:07Z logger.go:66:                       - tokenKeyPair   = {
TestTerraformCompleteExample 2022-07-30T23:06:07Z logger.go:66:                           - directoryPathInContainer = null
TestTerraformCompleteExample 2022-07-30T23:06:07Z logger.go:66:                           - secretRef                = null
TestTerraformCompleteExample 2022-07-30T23:06:07Z logger.go:66:                         }
TestTerraformCompleteExample 2022-07-30T23:06:07Z logger.go:66:                     }
TestTerraformCompleteExample 2022-07-30T23:06:07Z logger.go:66:                   - schemaRegistry = {
TestTerraformCompleteExample 2022-07-30T23:06:07Z logger.go:66:                       - authentication = {
TestTerraformCompleteExample 2022-07-30T23:06:07Z logger.go:66:                           - basic = {
TestTerraformCompleteExample 2022-07-30T23:06:07Z logger.go:66:                               - debug                    = null
TestTerraformCompleteExample 2022-07-30T23:06:07Z logger.go:66:                               - directoryPathInContainer = null
TestTerraformCompleteExample 2022-07-30T23:06:07Z logger.go:66:                               - restrictedRoles          = null
TestTerraformCompleteExample 2022-07-30T23:06:07Z logger.go:66:                               - roles                    = null
TestTerraformCompleteExample 2022-07-30T23:06:07Z logger.go:66:                               - secretRef                = null
TestTerraformCompleteExample 2022-07-30T23:06:07Z logger.go:66:                             }
TestTerraformCompleteExample 2022-07-30T23:06:07Z logger.go:66:                           - type  = null
TestTerraformCompleteExample 2022-07-30T23:06:07Z logger.go:66:                         }
TestTerraformCompleteExample 2022-07-30T23:06:07Z logger.go:66:                       - tls            = {
TestTerraformCompleteExample 2022-07-30T23:06:07Z logger.go:66:                           - directoryPathInContainer = null
TestTerraformCompleteExample 2022-07-30T23:06:07Z logger.go:66:                           - enabled                  = null
TestTerraformCompleteExample 2022-07-30T23:06:07Z logger.go:66:                           - ignoreTrustStoreConfig   = null
TestTerraformCompleteExample 2022-07-30T23:06:07Z logger.go:66:                           - jksPassword              = {
TestTerraformCompleteExample 2022-07-30T23:06:07Z logger.go:66:                               - secretRef = null
TestTerraformCompleteExample 2022-07-30T23:06:07Z logger.go:66:                             }
TestTerraformCompleteExample 2022-07-30T23:06:07Z logger.go:66:                           - secretRef                = null
TestTerraformCompleteExample 2022-07-30T23:06:07Z logger.go:66:                         }
TestTerraformCompleteExample 2022-07-30T23:06:07Z logger.go:66:                       - url            = "http://schemaregistry.confluent.svc.cluster.local:8081"
TestTerraformCompleteExample 2022-07-30T23:06:07Z logger.go:66:                     }
TestTerraformCompleteExample 2022-07-30T23:06:07Z logger.go:66:                 }
TestTerraformCompleteExample 2022-07-30T23:06:07Z logger.go:66:               - externalAccess    = {
TestTerraformCompleteExample 2022-07-30T23:06:07Z logger.go:66:                   - loadBalancer = {
TestTerraformCompleteExample 2022-07-30T23:06:07Z logger.go:66:                       - advertisedURL            = {
TestTerraformCompleteExample 2022-07-30T23:06:07Z logger.go:66:                           - enabled = null
TestTerraformCompleteExample 2022-07-30T23:06:07Z logger.go:66:                           - prefix  = null
TestTerraformCompleteExample 2022-07-30T23:06:07Z logger.go:66:                         }
TestTerraformCompleteExample 2022-07-30T23:06:07Z logger.go:66:                       - annotations              = null
TestTerraformCompleteExample 2022-07-30T23:06:07Z logger.go:66:                       - domain                   = null
TestTerraformCompleteExample 2022-07-30T23:06:07Z logger.go:66:                       - externalTrafficPolicy    = null
TestTerraformCompleteExample 2022-07-30T23:06:07Z logger.go:66:                       - labels                   = null
TestTerraformCompleteExample 2022-07-30T23:06:07Z logger.go:66:                       - loadBalancerSourceRanges = null
TestTerraformCompleteExample 2022-07-30T23:06:07Z logger.go:66:                       - port                     = null
TestTerraformCompleteExample 2022-07-30T23:06:07Z logger.go:66:                       - prefix                   = null
TestTerraformCompleteExample 2022-07-30T23:06:07Z logger.go:66:                       - servicePorts             = null
TestTerraformCompleteExample 2022-07-30T23:06:07Z logger.go:66:                       - sessionAffinity          = null
TestTerraformCompleteExample 2022-07-30T23:06:07Z logger.go:66:                       - sessionAffinityConfig    = {
TestTerraformCompleteExample 2022-07-30T23:06:07Z logger.go:66:                           - clientIP = {
TestTerraformCompleteExample 2022-07-30T23:06:07Z logger.go:66:                               - timeoutSeconds = null
TestTerraformCompleteExample 2022-07-30T23:06:07Z logger.go:66:                             }
TestTerraformCompleteExample 2022-07-30T23:06:07Z logger.go:66:                         }
TestTerraformCompleteExample 2022-07-30T23:06:07Z logger.go:66:                     }
TestTerraformCompleteExample 2022-07-30T23:06:07Z logger.go:66:                   - nodePort     = {
TestTerraformCompleteExample 2022-07-30T23:06:07Z logger.go:66:                       - advertisedURL         = {
TestTerraformCompleteExample 2022-07-30T23:06:07Z logger.go:66:                           - enabled = null
TestTerraformCompleteExample 2022-07-30T23:06:07Z logger.go:66:                           - prefix  = null
TestTerraformCompleteExample 2022-07-30T23:06:07Z logger.go:66:                         }
TestTerraformCompleteExample 2022-07-30T23:06:07Z logger.go:66:                       - annotations           = null
TestTerraformCompleteExample 2022-07-30T23:06:07Z logger.go:66:                       - externalTrafficPolicy = null
TestTerraformCompleteExample 2022-07-30T23:06:07Z logger.go:66:                       - host                  = null
TestTerraformCompleteExample 2022-07-30T23:06:07Z logger.go:66:                       - labels                = null
TestTerraformCompleteExample 2022-07-30T23:06:07Z logger.go:66:                       - nodePortOffset        = null
TestTerraformCompleteExample 2022-07-30T23:06:07Z logger.go:66:                       - servicePorts          = null
TestTerraformCompleteExample 2022-07-30T23:06:07Z logger.go:66:                       - sessionAffinity       = null
TestTerraformCompleteExample 2022-07-30T23:06:07Z logger.go:66:                       - sessionAffinityConfig = {
TestTerraformCompleteExample 2022-07-30T23:06:07Z logger.go:66:                           - clientIP = {
TestTerraformCompleteExample 2022-07-30T23:06:07Z logger.go:66:                               - timeoutSeconds = null
TestTerraformCompleteExample 2022-07-30T23:06:07Z logger.go:66:                             }
TestTerraformCompleteExample 2022-07-30T23:06:07Z logger.go:66:                         }
TestTerraformCompleteExample 2022-07-30T23:06:07Z logger.go:66:                     }
TestTerraformCompleteExample 2022-07-30T23:06:07Z logger.go:66:                   - route        = {
TestTerraformCompleteExample 2022-07-30T23:06:07Z logger.go:66:                       - annotations    = null
TestTerraformCompleteExample 2022-07-30T23:06:07Z logger.go:66:                       - domain         = null
TestTerraformCompleteExample 2022-07-30T23:06:07Z logger.go:66:                       - labels         = null
TestTerraformCompleteExample 2022-07-30T23:06:07Z logger.go:66:                       - prefix         = null
TestTerraformCompleteExample 2022-07-30T23:06:07Z logger.go:66:                       - wildcardPolicy = null
TestTerraformCompleteExample 2022-07-30T23:06:07Z logger.go:66:                     }
TestTerraformCompleteExample 2022-07-30T23:06:07Z logger.go:66:                   - type         = null
TestTerraformCompleteExample 2022-07-30T23:06:07Z logger.go:66:                 }
TestTerraformCompleteExample 2022-07-30T23:06:07Z logger.go:66:               - headlessService   = {
TestTerraformCompleteExample 2022-07-30T23:06:07Z logger.go:66:                   - annotations              = null
TestTerraformCompleteExample 2022-07-30T23:06:07Z logger.go:66:                   - labels                   = null
TestTerraformCompleteExample 2022-07-30T23:06:07Z logger.go:66:                   - publishNotReadyAddresses = null
TestTerraformCompleteExample 2022-07-30T23:06:07Z logger.go:66:                 }
TestTerraformCompleteExample 2022-07-30T23:06:07Z logger.go:66:               - image             = {
TestTerraformCompleteExample 2022-07-30T23:06:07Z logger.go:66:                   - application   = "confluentinc/cp-kafka-rest:7.2.0"
TestTerraformCompleteExample 2022-07-30T23:06:07Z logger.go:66:                   - init          = "confluentinc/confluent-init-container:2.4.0"
TestTerraformCompleteExample 2022-07-30T23:06:07Z logger.go:66:                   - pullPolicy    = null
TestTerraformCompleteExample 2022-07-30T23:06:07Z logger.go:66:                   - pullSecretRef = null
TestTerraformCompleteExample 2022-07-30T23:06:07Z logger.go:66:                 }
TestTerraformCompleteExample 2022-07-30T23:06:07Z logger.go:66:               - injectAnnotations = null
TestTerraformCompleteExample 2022-07-30T23:06:07Z logger.go:66:               - injectLabels      = null
TestTerraformCompleteExample 2022-07-30T23:06:07Z logger.go:66:               - k8sClusterDomain  = null
TestTerraformCompleteExample 2022-07-30T23:06:07Z logger.go:66:               - license           = {
TestTerraformCompleteExample 2022-07-30T23:06:07Z logger.go:66:                   - directoryPathInContainer = null
TestTerraformCompleteExample 2022-07-30T23:06:07Z logger.go:66:                   - globalLicense            = null
TestTerraformCompleteExample 2022-07-30T23:06:07Z logger.go:66:                   - secretRef                = null
TestTerraformCompleteExample 2022-07-30T23:06:07Z logger.go:66:                 }
TestTerraformCompleteExample 2022-07-30T23:06:07Z logger.go:66:               - metrics           = {
TestTerraformCompleteExample 2022-07-30T23:06:07Z logger.go:66:                   - authentication = {
TestTerraformCompleteExample 2022-07-30T23:06:07Z logger.go:66:                       - type = null
TestTerraformCompleteExample 2022-07-30T23:06:07Z logger.go:66:                     }
TestTerraformCompleteExample 2022-07-30T23:06:07Z logger.go:66:                   - prometheus     = {
TestTerraformCompleteExample 2022-07-30T23:06:07Z logger.go:66:                       - blacklist = null
TestTerraformCompleteExample 2022-07-30T23:06:07Z logger.go:66:                       - rules     = null
TestTerraformCompleteExample 2022-07-30T23:06:07Z logger.go:66:                       - whitelist = null
TestTerraformCompleteExample 2022-07-30T23:06:07Z logger.go:66:                     }
TestTerraformCompleteExample 2022-07-30T23:06:07Z logger.go:66:                   - tls            = {
TestTerraformCompleteExample 2022-07-30T23:06:07Z logger.go:66:                       - directoryPathInContainer = null
TestTerraformCompleteExample 2022-07-30T23:06:07Z logger.go:66:                       - enabled                  = null
TestTerraformCompleteExample 2022-07-30T23:06:07Z logger.go:66:                       - ignoreTrustStoreConfig   = null
TestTerraformCompleteExample 2022-07-30T23:06:07Z logger.go:66:                       - jksPassword              = {
TestTerraformCompleteExample 2022-07-30T23:06:07Z logger.go:66:                           - secretRef = null
TestTerraformCompleteExample 2022-07-30T23:06:07Z logger.go:66:                         }
TestTerraformCompleteExample 2022-07-30T23:06:07Z logger.go:66:                       - secretRef                = null
TestTerraformCompleteExample 2022-07-30T23:06:07Z logger.go:66:                     }
TestTerraformCompleteExample 2022-07-30T23:06:07Z logger.go:66:                 }
TestTerraformCompleteExample 2022-07-30T23:06:07Z logger.go:66:               - mountedSecrets    = null
TestTerraformCompleteExample 2022-07-30T23:06:07Z logger.go:66:               - mountedVolumes    = {
TestTerraformCompleteExample 2022-07-30T23:06:07Z logger.go:66:                   - volumeMounts = null
TestTerraformCompleteExample 2022-07-30T23:06:07Z logger.go:66:                   - volumes      = null
TestTerraformCompleteExample 2022-07-30T23:06:07Z logger.go:66:                 }
TestTerraformCompleteExample 2022-07-30T23:06:07Z logger.go:66:               - oneReplicaPerNode = null
TestTerraformCompleteExample 2022-07-30T23:06:07Z logger.go:66:               - podTemplate       = {
TestTerraformCompleteExample 2022-07-30T23:06:07Z logger.go:66:                   - affinity                      = {
TestTerraformCompleteExample 2022-07-30T23:06:07Z logger.go:66:                       - nodeAffinity    = {
TestTerraformCompleteExample 2022-07-30T23:06:07Z logger.go:66:                           - preferredDuringSchedulingIgnoredDuringExecution = null
TestTerraformCompleteExample 2022-07-30T23:06:07Z logger.go:66:                           - requiredDuringSchedulingIgnoredDuringExecution  = {
TestTerraformCompleteExample 2022-07-30T23:06:07Z logger.go:66:                               - nodeSelectorTerms = null
TestTerraformCompleteExample 2022-07-30T23:06:07Z logger.go:66:                             }
TestTerraformCompleteExample 2022-07-30T23:06:07Z logger.go:66:                         }
TestTerraformCompleteExample 2022-07-30T23:06:07Z logger.go:66:                       - podAffinity     = {
TestTerraformCompleteExample 2022-07-30T23:06:07Z logger.go:66:                           - preferredDuringSchedulingIgnoredDuringExecution = null
TestTerraformCompleteExample 2022-07-30T23:06:07Z logger.go:66:                           - requiredDuringSchedulingIgnoredDuringExecution  = null
TestTerraformCompleteExample 2022-07-30T23:06:07Z logger.go:66:                         }
TestTerraformCompleteExample 2022-07-30T23:06:07Z logger.go:66:                       - podAntiAffinity = {
TestTerraformCompleteExample 2022-07-30T23:06:07Z logger.go:66:                           - preferredDuringSchedulingIgnoredDuringExecution = null
TestTerraformCompleteExample 2022-07-30T23:06:07Z logger.go:66:                           - requiredDuringSchedulingIgnoredDuringExecution  = null
TestTerraformCompleteExample 2022-07-30T23:06:07Z logger.go:66:                         }
TestTerraformCompleteExample 2022-07-30T23:06:07Z logger.go:66:                     }
TestTerraformCompleteExample 2022-07-30T23:06:07Z logger.go:66:                   - annotations                   = null
TestTerraformCompleteExample 2022-07-30T23:06:07Z logger.go:66:                   - envVars                       = null
TestTerraformCompleteExample 2022-07-30T23:06:07Z logger.go:66:                   - labels                        = null
TestTerraformCompleteExample 2022-07-30T23:06:07Z logger.go:66:                   - podSecurityContext            = {
TestTerraformCompleteExample 2022-07-30T23:06:07Z logger.go:66:                       - fsGroup             = null
TestTerraformCompleteExample 2022-07-30T23:06:07Z logger.go:66:                       - fsGroupChangePolicy = null
TestTerraformCompleteExample 2022-07-30T23:06:07Z logger.go:66:                       - runAsGroup          = null
TestTerraformCompleteExample 2022-07-30T23:06:07Z logger.go:66:                       - runAsNonRoot        = null
TestTerraformCompleteExample 2022-07-30T23:06:07Z logger.go:66:                       - runAsUser           = null
TestTerraformCompleteExample 2022-07-30T23:06:07Z logger.go:66:                       - seLinuxOptions      = {
TestTerraformCompleteExample 2022-07-30T23:06:07Z logger.go:66:                           - level = null
TestTerraformCompleteExample 2022-07-30T23:06:07Z logger.go:66:                           - role  = null
TestTerraformCompleteExample 2022-07-30T23:06:07Z logger.go:66:                           - type  = null
TestTerraformCompleteExample 2022-07-30T23:06:07Z logger.go:66:                           - user  = null
TestTerraformCompleteExample 2022-07-30T23:06:07Z logger.go:66:                         }
TestTerraformCompleteExample 2022-07-30T23:06:07Z logger.go:66:                       - seccompProfile      = {
TestTerraformCompleteExample 2022-07-30T23:06:07Z logger.go:66:                           - localhostProfile = null
TestTerraformCompleteExample 2022-07-30T23:06:07Z logger.go:66:                           - type             = null
TestTerraformCompleteExample 2022-07-30T23:06:07Z logger.go:66:                         }
TestTerraformCompleteExample 2022-07-30T23:06:07Z logger.go:66:                       - supplementalGroups  = null
TestTerraformCompleteExample 2022-07-30T23:06:07Z logger.go:66:                       - sysctls             = null
TestTerraformCompleteExample 2022-07-30T23:06:07Z logger.go:66:                       - windowsOptions      = {
TestTerraformCompleteExample 2022-07-30T23:06:07Z logger.go:66:                           - gmsaCredentialSpec     = null
TestTerraformCompleteExample 2022-07-30T23:06:07Z logger.go:66:                           - gmsaCredentialSpecName = null
TestTerraformCompleteExample 2022-07-30T23:06:07Z logger.go:66:                           - hostProcess            = null
TestTerraformCompleteExample 2022-07-30T23:06:07Z logger.go:66:                           - runAsUserName          = null
TestTerraformCompleteExample 2022-07-30T23:06:07Z logger.go:66:                         }
TestTerraformCompleteExample 2022-07-30T23:06:07Z logger.go:66:                     }
TestTerraformCompleteExample 2022-07-30T23:06:07Z logger.go:66:                   - priorityClassName             = null
TestTerraformCompleteExample 2022-07-30T23:06:07Z logger.go:66:                   - probe                         = {
TestTerraformCompleteExample 2022-07-30T23:06:07Z logger.go:66:                       - liveness  = {
TestTerraformCompleteExample 2022-07-30T23:06:07Z logger.go:66:                           - failureThreshold    = null
TestTerraformCompleteExample 2022-07-30T23:06:07Z logger.go:66:                           - initialDelaySeconds = null
TestTerraformCompleteExample 2022-07-30T23:06:07Z logger.go:66:                           - periodSeconds       = null
TestTerraformCompleteExample 2022-07-30T23:06:07Z logger.go:66:                           - successThreshold    = null
TestTerraformCompleteExample 2022-07-30T23:06:07Z logger.go:66:                           - timeoutSeconds      = null
TestTerraformCompleteExample 2022-07-30T23:06:07Z logger.go:66:                         }
TestTerraformCompleteExample 2022-07-30T23:06:07Z logger.go:66:                       - readiness = {
TestTerraformCompleteExample 2022-07-30T23:06:07Z logger.go:66:                           - failureThreshold    = null
TestTerraformCompleteExample 2022-07-30T23:06:07Z logger.go:66:                           - initialDelaySeconds = null
TestTerraformCompleteExample 2022-07-30T23:06:07Z logger.go:66:                           - periodSeconds       = null
TestTerraformCompleteExample 2022-07-30T23:06:07Z logger.go:66:                           - successThreshold    = null
TestTerraformCompleteExample 2022-07-30T23:06:07Z logger.go:66:                           - timeoutSeconds      = null
TestTerraformCompleteExample 2022-07-30T23:06:07Z logger.go:66:                         }
TestTerraformCompleteExample 2022-07-30T23:06:07Z logger.go:66:                     }
TestTerraformCompleteExample 2022-07-30T23:06:07Z logger.go:66:                   - resources                     = {
TestTerraformCompleteExample 2022-07-30T23:06:07Z logger.go:66:                       - limits   = null
TestTerraformCompleteExample 2022-07-30T23:06:07Z logger.go:66:                       - requests = null
TestTerraformCompleteExample 2022-07-30T23:06:07Z logger.go:66:                     }
TestTerraformCompleteExample 2022-07-30T23:06:07Z logger.go:66:                   - securityContext               = {
TestTerraformCompleteExample 2022-07-30T23:06:07Z logger.go:66:                       - allowPrivilegeEscalation = null
TestTerraformCompleteExample 2022-07-30T23:06:07Z logger.go:66:                       - capabilities             = {
TestTerraformCompleteExample 2022-07-30T23:06:07Z logger.go:66:                           - add  = null
TestTerraformCompleteExample 2022-07-30T23:06:07Z logger.go:66:                           - drop = null
TestTerraformCompleteExample 2022-07-30T23:06:07Z logger.go:66:                         }
TestTerraformCompleteExample 2022-07-30T23:06:07Z logger.go:66:                       - privileged               = null
TestTerraformCompleteExample 2022-07-30T23:06:07Z logger.go:66:                       - procMount                = null
TestTerraformCompleteExample 2022-07-30T23:06:07Z logger.go:66:                       - readOnlyRootFilesystem   = null
TestTerraformCompleteExample 2022-07-30T23:06:07Z logger.go:66:                       - runAsGroup               = null
TestTerraformCompleteExample 2022-07-30T23:06:07Z logger.go:66:                       - runAsNonRoot             = null
TestTerraformCompleteExample 2022-07-30T23:06:07Z logger.go:66:                       - runAsUser                = null
TestTerraformCompleteExample 2022-07-30T23:06:07Z logger.go:66:                       - seLinuxOptions           = {
TestTerraformCompleteExample 2022-07-30T23:06:07Z logger.go:66:                           - level = null
TestTerraformCompleteExample 2022-07-30T23:06:07Z logger.go:66:                           - role  = null
TestTerraformCompleteExample 2022-07-30T23:06:07Z logger.go:66:                           - type  = null
TestTerraformCompleteExample 2022-07-30T23:06:07Z logger.go:66:                           - user  = null
TestTerraformCompleteExample 2022-07-30T23:06:07Z logger.go:66:                         }
TestTerraformCompleteExample 2022-07-30T23:06:07Z logger.go:66:                       - seccompProfile           = {
TestTerraformCompleteExample 2022-07-30T23:06:07Z logger.go:66:                           - localhostProfile = null
TestTerraformCompleteExample 2022-07-30T23:06:07Z logger.go:66:                           - type             = null
TestTerraformCompleteExample 2022-07-30T23:06:07Z logger.go:66:                         }
TestTerraformCompleteExample 2022-07-30T23:06:07Z logger.go:66:                       - windowsOptions           = {
TestTerraformCompleteExample 2022-07-30T23:06:07Z logger.go:66:                           - gmsaCredentialSpec     = null
TestTerraformCompleteExample 2022-07-30T23:06:07Z logger.go:66:                           - gmsaCredentialSpecName = null
TestTerraformCompleteExample 2022-07-30T23:06:07Z logger.go:66:                           - hostProcess            = null
TestTerraformCompleteExample 2022-07-30T23:06:07Z logger.go:66:                           - runAsUserName          = null
TestTerraformCompleteExample 2022-07-30T23:06:07Z logger.go:66:                         }
TestTerraformCompleteExample 2022-07-30T23:06:07Z logger.go:66:                     }
TestTerraformCompleteExample 2022-07-30T23:06:07Z logger.go:66:                   - serviceAccountName            = null
TestTerraformCompleteExample 2022-07-30T23:06:07Z logger.go:66:                   - terminationGracePeriodSeconds = null
TestTerraformCompleteExample 2022-07-30T23:06:07Z logger.go:66:                   - tolerations                   = null
TestTerraformCompleteExample 2022-07-30T23:06:07Z logger.go:66:                   - topologySpreadConstraints     = null
TestTerraformCompleteExample 2022-07-30T23:06:07Z logger.go:66:                 }
TestTerraformCompleteExample 2022-07-30T23:06:07Z logger.go:66:               - replicas          = 1
TestTerraformCompleteExample 2022-07-30T23:06:07Z logger.go:66:               - telemetry         = {
TestTerraformCompleteExample 2022-07-30T23:06:07Z logger.go:66:                   - global = null
TestTerraformCompleteExample 2022-07-30T23:06:07Z logger.go:66:                 }
TestTerraformCompleteExample 2022-07-30T23:06:07Z logger.go:66:               - tls               = {
TestTerraformCompleteExample 2022-07-30T23:06:07Z logger.go:66:                   - autoGeneratedCerts       = null
TestTerraformCompleteExample 2022-07-30T23:06:07Z logger.go:66:                   - directoryPathInContainer = null
TestTerraformCompleteExample 2022-07-30T23:06:07Z logger.go:66:                   - ignoreTrustStoreConfig   = null
TestTerraformCompleteExample 2022-07-30T23:06:07Z logger.go:66:                   - jksPassword              = {
TestTerraformCompleteExample 2022-07-30T23:06:07Z logger.go:66:                       - secretRef = null
TestTerraformCompleteExample 2022-07-30T23:06:07Z logger.go:66:                     }
TestTerraformCompleteExample 2022-07-30T23:06:07Z logger.go:66:                   - secretRef                = null
TestTerraformCompleteExample 2022-07-30T23:06:07Z logger.go:66:                 }
TestTerraformCompleteExample 2022-07-30T23:06:07Z logger.go:66:             }
TestTerraformCompleteExample 2022-07-30T23:06:07Z logger.go:66:         } -> null
TestTerraformCompleteExample 2022-07-30T23:06:07Z logger.go:66:
TestTerraformCompleteExample 2022-07-30T23:06:07Z logger.go:66:       - timeouts {
TestTerraformCompleteExample 2022-07-30T23:06:07Z logger.go:66:           - create = "1h" -> null
TestTerraformCompleteExample 2022-07-30T23:06:07Z logger.go:66:           - delete = "10m" -> null
TestTerraformCompleteExample 2022-07-30T23:06:07Z logger.go:66:           - update = "1h" -> null
TestTerraformCompleteExample 2022-07-30T23:06:07Z logger.go:66:         }
TestTerraformCompleteExample 2022-07-30T23:06:07Z logger.go:66:
TestTerraformCompleteExample 2022-07-30T23:06:07Z logger.go:66:       - wait {
TestTerraformCompleteExample 2022-07-30T23:06:07Z logger.go:66:           - fields = {
TestTerraformCompleteExample 2022-07-30T23:06:07Z logger.go:66:               - "status.phase" = "RUNNING"
TestTerraformCompleteExample 2022-07-30T23:06:07Z logger.go:66:             } -> null
TestTerraformCompleteExample 2022-07-30T23:06:07Z logger.go:66:         }
TestTerraformCompleteExample 2022-07-30T23:06:07Z logger.go:66:     }
TestTerraformCompleteExample 2022-07-30T23:06:07Z logger.go:66:
TestTerraformCompleteExample 2022-07-30T23:06:07Z logger.go:66:   # module.confluent_platform.kubernetes_manifest.component["ksqldb"] will be destroyed
TestTerraformCompleteExample 2022-07-30T23:06:07Z logger.go:66:   - resource "kubernetes_manifest" "component" {
TestTerraformCompleteExample 2022-07-30T23:06:07Z logger.go:66:       - computed_fields = [
TestTerraformCompleteExample 2022-07-30T23:06:07Z logger.go:66:           - "metadata.finalizers",
TestTerraformCompleteExample 2022-07-30T23:06:07Z logger.go:66:         ] -> null
TestTerraformCompleteExample 2022-07-30T23:06:07Z logger.go:66:       - manifest        = {
TestTerraformCompleteExample 2022-07-30T23:06:07Z logger.go:66:           - apiVersion = "platform.confluent.io/v1beta1"
TestTerraformCompleteExample 2022-07-30T23:06:07Z logger.go:66:           - kind       = "KsqlDB"
TestTerraformCompleteExample 2022-07-30T23:06:07Z logger.go:66:           - metadata   = {
TestTerraformCompleteExample 2022-07-30T23:06:07Z logger.go:66:               - name      = "ksqldb"
TestTerraformCompleteExample 2022-07-30T23:06:07Z logger.go:66:               - namespace = "confluent"
TestTerraformCompleteExample 2022-07-30T23:06:07Z logger.go:66:             }
TestTerraformCompleteExample 2022-07-30T23:06:07Z logger.go:66:           - spec       = {
TestTerraformCompleteExample 2022-07-30T23:06:07Z logger.go:66:               - dataVolumeCapacity = "10Gi"
TestTerraformCompleteExample 2022-07-30T23:06:07Z logger.go:66:               - image              = {
TestTerraformCompleteExample 2022-07-30T23:06:07Z logger.go:66:                   - application = "confluentinc/cp-ksqldb-server:7.2.0"
TestTerraformCompleteExample 2022-07-30T23:06:07Z logger.go:66:                   - init        = "confluentinc/confluent-init-container:2.4.0"
TestTerraformCompleteExample 2022-07-30T23:06:07Z logger.go:66:                 }
TestTerraformCompleteExample 2022-07-30T23:06:07Z logger.go:66:               - replicas           = 1
TestTerraformCompleteExample 2022-07-30T23:06:07Z logger.go:66:             }
TestTerraformCompleteExample 2022-07-30T23:06:07Z logger.go:66:         } -> null
TestTerraformCompleteExample 2022-07-30T23:06:07Z logger.go:66:       - object          = {
TestTerraformCompleteExample 2022-07-30T23:06:07Z logger.go:66:           - apiVersion = "platform.confluent.io/v1beta1"
TestTerraformCompleteExample 2022-07-30T23:06:07Z logger.go:66:           - kind       = "KsqlDB"
TestTerraformCompleteExample 2022-07-30T23:06:07Z logger.go:66:           - metadata   = {
TestTerraformCompleteExample 2022-07-30T23:06:07Z logger.go:66:               - annotations                = null
TestTerraformCompleteExample 2022-07-30T23:06:07Z logger.go:66:               - clusterName                = null
TestTerraformCompleteExample 2022-07-30T23:06:07Z logger.go:66:               - creationTimestamp          = null
TestTerraformCompleteExample 2022-07-30T23:06:07Z logger.go:66:               - deletionGracePeriodSeconds = null
TestTerraformCompleteExample 2022-07-30T23:06:07Z logger.go:66:               - deletionTimestamp          = null
TestTerraformCompleteExample 2022-07-30T23:06:07Z logger.go:66:               - finalizers                 = [
TestTerraformCompleteExample 2022-07-30T23:06:07Z logger.go:66:                   - "ksqldb.finalizers.platform.confluent.io",
TestTerraformCompleteExample 2022-07-30T23:06:07Z logger.go:66:                 ]
TestTerraformCompleteExample 2022-07-30T23:06:07Z logger.go:66:               - generateName               = null
TestTerraformCompleteExample 2022-07-30T23:06:07Z logger.go:66:               - generation                 = null
TestTerraformCompleteExample 2022-07-30T23:06:07Z logger.go:66:               - labels                     = null
TestTerraformCompleteExample 2022-07-30T23:06:07Z logger.go:66:               - managedFields              = null
TestTerraformCompleteExample 2022-07-30T23:06:07Z logger.go:66:               - name                       = "ksqldb"
TestTerraformCompleteExample 2022-07-30T23:06:07Z logger.go:66:               - namespace                  = "confluent"
TestTerraformCompleteExample 2022-07-30T23:06:07Z logger.go:66:               - ownerReferences            = null
TestTerraformCompleteExample 2022-07-30T23:06:07Z logger.go:66:               - resourceVersion            = null
TestTerraformCompleteExample 2022-07-30T23:06:07Z logger.go:66:               - selfLink                   = null
TestTerraformCompleteExample 2022-07-30T23:06:07Z logger.go:66:               - uid                        = null
TestTerraformCompleteExample 2022-07-30T23:06:07Z logger.go:66:             }
TestTerraformCompleteExample 2022-07-30T23:06:07Z logger.go:66:           - spec       = {
TestTerraformCompleteExample 2022-07-30T23:06:07Z logger.go:66:               - authentication                 = {
TestTerraformCompleteExample 2022-07-30T23:06:07Z logger.go:66:                   - basic = {
TestTerraformCompleteExample 2022-07-30T23:06:07Z logger.go:66:                       - debug                    = null
TestTerraformCompleteExample 2022-07-30T23:06:07Z logger.go:66:                       - directoryPathInContainer = null
TestTerraformCompleteExample 2022-07-30T23:06:07Z logger.go:66:                       - restrictedRoles          = null
TestTerraformCompleteExample 2022-07-30T23:06:07Z logger.go:66:                       - roles                    = null
TestTerraformCompleteExample 2022-07-30T23:06:07Z logger.go:66:                       - secretRef                = null
TestTerraformCompleteExample 2022-07-30T23:06:07Z logger.go:66:                     }
TestTerraformCompleteExample 2022-07-30T23:06:07Z logger.go:66:                   - type  = null
TestTerraformCompleteExample 2022-07-30T23:06:07Z logger.go:66:                 }
TestTerraformCompleteExample 2022-07-30T23:06:07Z logger.go:66:               - authorization                  = {
TestTerraformCompleteExample 2022-07-30T23:06:07Z logger.go:66:                   - kafkaRestClassRef = {
TestTerraformCompleteExample 2022-07-30T23:06:07Z logger.go:66:                       - name      = null
TestTerraformCompleteExample 2022-07-30T23:06:07Z logger.go:66:                       - namespace = null
TestTerraformCompleteExample 2022-07-30T23:06:07Z logger.go:66:                     }
TestTerraformCompleteExample 2022-07-30T23:06:07Z logger.go:66:                   - type              = null
TestTerraformCompleteExample 2022-07-30T23:06:07Z logger.go:66:                 }
TestTerraformCompleteExample 2022-07-30T23:06:07Z logger.go:66:               - configOverrides                = {
TestTerraformCompleteExample 2022-07-30T23:06:07Z logger.go:66:                   - jvm    = null
TestTerraformCompleteExample 2022-07-30T23:06:07Z logger.go:66:                   - log4j  = null
TestTerraformCompleteExample 2022-07-30T23:06:07Z logger.go:66:                   - server = null
TestTerraformCompleteExample 2022-07-30T23:06:07Z logger.go:66:                 }
TestTerraformCompleteExample 2022-07-30T23:06:07Z logger.go:66:               - dataVolumeCapacity             = "10Gi"
TestTerraformCompleteExample 2022-07-30T23:06:07Z logger.go:66:               - dependencies                   = {
TestTerraformCompleteExample 2022-07-30T23:06:07Z logger.go:66:                   - interceptor    = {
TestTerraformCompleteExample 2022-07-30T23:06:07Z logger.go:66:                       - configs   = null
TestTerraformCompleteExample 2022-07-30T23:06:07Z logger.go:66:                       - consumer  = {
TestTerraformCompleteExample 2022-07-30T23:06:07Z logger.go:66:                           - authentication    = {
TestTerraformCompleteExample 2022-07-30T23:06:07Z logger.go:66:                               - jaasConfig            = {
TestTerraformCompleteExample 2022-07-30T23:06:07Z logger.go:66:                                   - secretRef = null
TestTerraformCompleteExample 2022-07-30T23:06:07Z logger.go:66:                                 }
TestTerraformCompleteExample 2022-07-30T23:06:07Z logger.go:66:                               - jaasConfigPassThrough = {
TestTerraformCompleteExample 2022-07-30T23:06:07Z logger.go:66:                                   - directoryPathInContainer = null
TestTerraformCompleteExample 2022-07-30T23:06:07Z logger.go:66:                                   - secretRef                = null
TestTerraformCompleteExample 2022-07-30T23:06:07Z logger.go:66:                                 }
TestTerraformCompleteExample 2022-07-30T23:06:07Z logger.go:66:                               - oauthbearer           = {
TestTerraformCompleteExample 2022-07-30T23:06:07Z logger.go:66:                                   - directoryPathInContainer = null
TestTerraformCompleteExample 2022-07-30T23:06:07Z logger.go:66:                                   - secretRef                = null
TestTerraformCompleteExample 2022-07-30T23:06:07Z logger.go:66:                                 }
TestTerraformCompleteExample 2022-07-30T23:06:07Z logger.go:66:                               - type                  = null
TestTerraformCompleteExample 2022-07-30T23:06:07Z logger.go:66:                             }
TestTerraformCompleteExample 2022-07-30T23:06:07Z logger.go:66:                           - bootstrapEndpoint = null
TestTerraformCompleteExample 2022-07-30T23:06:07Z logger.go:66:                           - discovery         = {
TestTerraformCompleteExample 2022-07-30T23:06:07Z logger.go:66:                               - name      = null
TestTerraformCompleteExample 2022-07-30T23:06:07Z logger.go:66:                               - namespace = null
TestTerraformCompleteExample 2022-07-30T23:06:07Z logger.go:66:                               - secretRef = null
TestTerraformCompleteExample 2022-07-30T23:06:07Z logger.go:66:                             }
TestTerraformCompleteExample 2022-07-30T23:06:07Z logger.go:66:                           - tls               = {
TestTerraformCompleteExample 2022-07-30T23:06:07Z logger.go:66:                               - directoryPathInContainer = null
TestTerraformCompleteExample 2022-07-30T23:06:07Z logger.go:66:                               - enabled                  = null
TestTerraformCompleteExample 2022-07-30T23:06:07Z logger.go:66:                               - ignoreTrustStoreConfig   = null
TestTerraformCompleteExample 2022-07-30T23:06:07Z logger.go:66:                               - jksPassword              = {
TestTerraformCompleteExample 2022-07-30T23:06:07Z logger.go:66:                                   - secretRef = null
TestTerraformCompleteExample 2022-07-30T23:06:07Z logger.go:66:                                 }
TestTerraformCompleteExample 2022-07-30T23:06:07Z logger.go:66:                               - secretRef                = null
TestTerraformCompleteExample 2022-07-30T23:06:07Z logger.go:66:                             }
TestTerraformCompleteExample 2022-07-30T23:06:07Z logger.go:66:                         }
TestTerraformCompleteExample 2022-07-30T23:06:07Z logger.go:66:                       - enabled   = null
TestTerraformCompleteExample 2022-07-30T23:06:07Z logger.go:66:                       - producer  = {
TestTerraformCompleteExample 2022-07-30T23:06:07Z logger.go:66:                           - authentication    = {
TestTerraformCompleteExample 2022-07-30T23:06:07Z logger.go:66:                               - jaasConfig            = {
TestTerraformCompleteExample 2022-07-30T23:06:07Z logger.go:66:                                   - secretRef = null
TestTerraformCompleteExample 2022-07-30T23:06:07Z logger.go:66:                                 }
TestTerraformCompleteExample 2022-07-30T23:06:07Z logger.go:66:                               - jaasConfigPassThrough = {
TestTerraformCompleteExample 2022-07-30T23:06:07Z logger.go:66:                                   - directoryPathInContainer = null
TestTerraformCompleteExample 2022-07-30T23:06:07Z logger.go:66:                                   - secretRef                = null
TestTerraformCompleteExample 2022-07-30T23:06:07Z logger.go:66:                                 }
TestTerraformCompleteExample 2022-07-30T23:06:07Z logger.go:66:                               - oauthbearer           = {
TestTerraformCompleteExample 2022-07-30T23:06:07Z logger.go:66:                                   - directoryPathInContainer = null
TestTerraformCompleteExample 2022-07-30T23:06:07Z logger.go:66:                                   - secretRef                = null
TestTerraformCompleteExample 2022-07-30T23:06:07Z logger.go:66:                                 }
TestTerraformCompleteExample 2022-07-30T23:06:07Z logger.go:66:                               - type                  = null
TestTerraformCompleteExample 2022-07-30T23:06:07Z logger.go:66:                             }
TestTerraformCompleteExample 2022-07-30T23:06:07Z logger.go:66:                           - bootstrapEndpoint = null
TestTerraformCompleteExample 2022-07-30T23:06:07Z logger.go:66:                           - discovery         = {
TestTerraformCompleteExample 2022-07-30T23:06:07Z logger.go:66:                               - name      = null
TestTerraformCompleteExample 2022-07-30T23:06:07Z logger.go:66:                               - namespace = null
TestTerraformCompleteExample 2022-07-30T23:06:07Z logger.go:66:                               - secretRef = null
TestTerraformCompleteExample 2022-07-30T23:06:07Z logger.go:66:                             }
TestTerraformCompleteExample 2022-07-30T23:06:07Z logger.go:66:                           - tls               = {
TestTerraformCompleteExample 2022-07-30T23:06:07Z logger.go:66:                               - directoryPathInContainer = null
TestTerraformCompleteExample 2022-07-30T23:06:07Z logger.go:66:                               - enabled                  = null
TestTerraformCompleteExample 2022-07-30T23:06:07Z logger.go:66:                               - ignoreTrustStoreConfig   = null
TestTerraformCompleteExample 2022-07-30T23:06:07Z logger.go:66:                               - jksPassword              = {
TestTerraformCompleteExample 2022-07-30T23:06:07Z logger.go:66:                                   - secretRef = null
TestTerraformCompleteExample 2022-07-30T23:06:07Z logger.go:66:                                 }
TestTerraformCompleteExample 2022-07-30T23:06:07Z logger.go:66:                               - secretRef                = null
TestTerraformCompleteExample 2022-07-30T23:06:07Z logger.go:66:                             }
TestTerraformCompleteExample 2022-07-30T23:06:07Z logger.go:66:                         }
TestTerraformCompleteExample 2022-07-30T23:06:07Z logger.go:66:                       - publishMs = null
TestTerraformCompleteExample 2022-07-30T23:06:07Z logger.go:66:                     }
TestTerraformCompleteExample 2022-07-30T23:06:07Z logger.go:66:                   - kafka          = {
TestTerraformCompleteExample 2022-07-30T23:06:07Z logger.go:66:                       - authentication    = {
TestTerraformCompleteExample 2022-07-30T23:06:07Z logger.go:66:                           - jaasConfig            = {
TestTerraformCompleteExample 2022-07-30T23:06:07Z logger.go:66:                               - secretRef = null
TestTerraformCompleteExample 2022-07-30T23:06:07Z logger.go:66:                             }
TestTerraformCompleteExample 2022-07-30T23:06:07Z logger.go:66:                           - jaasConfigPassThrough = {
TestTerraformCompleteExample 2022-07-30T23:06:07Z logger.go:66:                               - directoryPathInContainer = null
TestTerraformCompleteExample 2022-07-30T23:06:07Z logger.go:66:                               - secretRef                = null
TestTerraformCompleteExample 2022-07-30T23:06:07Z logger.go:66:                             }
TestTerraformCompleteExample 2022-07-30T23:06:07Z logger.go:66:                           - oauthbearer           = {
TestTerraformCompleteExample 2022-07-30T23:06:07Z logger.go:66:                               - directoryPathInContainer = null
TestTerraformCompleteExample 2022-07-30T23:06:07Z logger.go:66:                               - secretRef                = null
TestTerraformCompleteExample 2022-07-30T23:06:07Z logger.go:66:                             }
TestTerraformCompleteExample 2022-07-30T23:06:07Z logger.go:66:                           - type                  = null
TestTerraformCompleteExample 2022-07-30T23:06:07Z logger.go:66:                         }
TestTerraformCompleteExample 2022-07-30T23:06:07Z logger.go:66:                       - bootstrapEndpoint = null
TestTerraformCompleteExample 2022-07-30T23:06:07Z logger.go:66:                       - discovery         = {
TestTerraformCompleteExample 2022-07-30T23:06:07Z logger.go:66:                           - name      = null
TestTerraformCompleteExample 2022-07-30T23:06:07Z logger.go:66:                           - namespace = null
TestTerraformCompleteExample 2022-07-30T23:06:07Z logger.go:66:                           - secretRef = null
TestTerraformCompleteExample 2022-07-30T23:06:07Z logger.go:66:                         }
TestTerraformCompleteExample 2022-07-30T23:06:07Z logger.go:66:                       - tls               = {
TestTerraformCompleteExample 2022-07-30T23:06:07Z logger.go:66:                           - directoryPathInContainer = null
TestTerraformCompleteExample 2022-07-30T23:06:07Z logger.go:66:                           - enabled                  = null
TestTerraformCompleteExample 2022-07-30T23:06:07Z logger.go:66:                           - ignoreTrustStoreConfig   = null
TestTerraformCompleteExample 2022-07-30T23:06:07Z logger.go:66:                           - jksPassword              = {
TestTerraformCompleteExample 2022-07-30T23:06:07Z logger.go:66:                               - secretRef = null
TestTerraformCompleteExample 2022-07-30T23:06:07Z logger.go:66:                             }
TestTerraformCompleteExample 2022-07-30T23:06:07Z logger.go:66:                           - secretRef                = null
TestTerraformCompleteExample 2022-07-30T23:06:07Z logger.go:66:                         }
TestTerraformCompleteExample 2022-07-30T23:06:07Z logger.go:66:                     }
TestTerraformCompleteExample 2022-07-30T23:06:07Z logger.go:66:                   - mds            = {
TestTerraformCompleteExample 2022-07-30T23:06:07Z logger.go:66:                       - authentication = {
TestTerraformCompleteExample 2022-07-30T23:06:07Z logger.go:66:                           - bearer = {
TestTerraformCompleteExample 2022-07-30T23:06:07Z logger.go:66:                               - directoryPathInContainer = null
TestTerraformCompleteExample 2022-07-30T23:06:07Z logger.go:66:                               - secretRef                = null
TestTerraformCompleteExample 2022-07-30T23:06:07Z logger.go:66:                             }
TestTerraformCompleteExample 2022-07-30T23:06:07Z logger.go:66:                           - type   = null
TestTerraformCompleteExample 2022-07-30T23:06:07Z logger.go:66:                         }
TestTerraformCompleteExample 2022-07-30T23:06:07Z logger.go:66:                       - endpoint       = null
TestTerraformCompleteExample 2022-07-30T23:06:07Z logger.go:66:                       - tls            = {
TestTerraformCompleteExample 2022-07-30T23:06:07Z logger.go:66:                           - directoryPathInContainer = null
TestTerraformCompleteExample 2022-07-30T23:06:07Z logger.go:66:                           - enabled                  = null
TestTerraformCompleteExample 2022-07-30T23:06:07Z logger.go:66:                           - ignoreTrustStoreConfig   = null
TestTerraformCompleteExample 2022-07-30T23:06:07Z logger.go:66:                           - jksPassword              = {
TestTerraformCompleteExample 2022-07-30T23:06:07Z logger.go:66:                               - secretRef = null
TestTerraformCompleteExample 2022-07-30T23:06:07Z logger.go:66:                             }
TestTerraformCompleteExample 2022-07-30T23:06:07Z logger.go:66:                           - secretRef                = null
TestTerraformCompleteExample 2022-07-30T23:06:07Z logger.go:66:                         }
TestTerraformCompleteExample 2022-07-30T23:06:07Z logger.go:66:                       - tokenKeyPair   = {
TestTerraformCompleteExample 2022-07-30T23:06:07Z logger.go:66:                           - directoryPathInContainer = null
TestTerraformCompleteExample 2022-07-30T23:06:07Z logger.go:66:                           - secretRef                = null
TestTerraformCompleteExample 2022-07-30T23:06:07Z logger.go:66:                         }
TestTerraformCompleteExample 2022-07-30T23:06:07Z logger.go:66:                     }
TestTerraformCompleteExample 2022-07-30T23:06:07Z logger.go:66:                   - schemaRegistry = {
TestTerraformCompleteExample 2022-07-30T23:06:07Z logger.go:66:                       - authentication = {
TestTerraformCompleteExample 2022-07-30T23:06:07Z logger.go:66:                           - basic = {
TestTerraformCompleteExample 2022-07-30T23:06:07Z logger.go:66:                               - debug                    = null
TestTerraformCompleteExample 2022-07-30T23:06:07Z logger.go:66:                               - directoryPathInContainer = null
TestTerraformCompleteExample 2022-07-30T23:06:07Z logger.go:66:                               - restrictedRoles          = null
TestTerraformCompleteExample 2022-07-30T23:06:07Z logger.go:66:                               - roles                    = null
TestTerraformCompleteExample 2022-07-30T23:06:07Z logger.go:66:                               - secretRef                = null
TestTerraformCompleteExample 2022-07-30T23:06:07Z logger.go:66:                             }
TestTerraformCompleteExample 2022-07-30T23:06:07Z logger.go:66:                           - type  = null
TestTerraformCompleteExample 2022-07-30T23:06:07Z logger.go:66:                         }
TestTerraformCompleteExample 2022-07-30T23:06:07Z logger.go:66:                       - tls            = {
TestTerraformCompleteExample 2022-07-30T23:06:07Z logger.go:66:                           - directoryPathInContainer = null
TestTerraformCompleteExample 2022-07-30T23:06:07Z logger.go:66:                           - enabled                  = null
TestTerraformCompleteExample 2022-07-30T23:06:07Z logger.go:66:                           - ignoreTrustStoreConfig   = null
TestTerraformCompleteExample 2022-07-30T23:06:07Z logger.go:66:                           - jksPassword              = {
TestTerraformCompleteExample 2022-07-30T23:06:07Z logger.go:66:                               - secretRef = null
TestTerraformCompleteExample 2022-07-30T23:06:07Z logger.go:66:                             }
TestTerraformCompleteExample 2022-07-30T23:06:07Z logger.go:66:                           - secretRef                = null
TestTerraformCompleteExample 2022-07-30T23:06:07Z logger.go:66:                         }
TestTerraformCompleteExample 2022-07-30T23:06:07Z logger.go:66:                       - url            = null
TestTerraformCompleteExample 2022-07-30T23:06:07Z logger.go:66:                     }
TestTerraformCompleteExample 2022-07-30T23:06:07Z logger.go:66:                 }
TestTerraformCompleteExample 2022-07-30T23:06:07Z logger.go:66:               - externalAccess                 = {
TestTerraformCompleteExample 2022-07-30T23:06:07Z logger.go:66:                   - loadBalancer = {
TestTerraformCompleteExample 2022-07-30T23:06:07Z logger.go:66:                       - advertisedURL            = {
TestTerraformCompleteExample 2022-07-30T23:06:07Z logger.go:66:                           - enabled = null
TestTerraformCompleteExample 2022-07-30T23:06:07Z logger.go:66:                           - prefix  = null
TestTerraformCompleteExample 2022-07-30T23:06:07Z logger.go:66:                         }
TestTerraformCompleteExample 2022-07-30T23:06:07Z logger.go:66:                       - annotations              = null
TestTerraformCompleteExample 2022-07-30T23:06:07Z logger.go:66:                       - domain                   = null
TestTerraformCompleteExample 2022-07-30T23:06:07Z logger.go:66:                       - externalTrafficPolicy    = null
TestTerraformCompleteExample 2022-07-30T23:06:07Z logger.go:66:                       - labels                   = null
TestTerraformCompleteExample 2022-07-30T23:06:07Z logger.go:66:                       - loadBalancerSourceRanges = null
TestTerraformCompleteExample 2022-07-30T23:06:07Z logger.go:66:                       - port                     = null
TestTerraformCompleteExample 2022-07-30T23:06:07Z logger.go:66:                       - prefix                   = null
TestTerraformCompleteExample 2022-07-30T23:06:07Z logger.go:66:                       - servicePorts             = null
TestTerraformCompleteExample 2022-07-30T23:06:07Z logger.go:66:                       - sessionAffinity          = null
TestTerraformCompleteExample 2022-07-30T23:06:07Z logger.go:66:                       - sessionAffinityConfig    = {
TestTerraformCompleteExample 2022-07-30T23:06:07Z logger.go:66:                           - clientIP = {
TestTerraformCompleteExample 2022-07-30T23:06:07Z logger.go:66:                               - timeoutSeconds = null
TestTerraformCompleteExample 2022-07-30T23:06:07Z logger.go:66:                             }
TestTerraformCompleteExample 2022-07-30T23:06:07Z logger.go:66:                         }
TestTerraformCompleteExample 2022-07-30T23:06:07Z logger.go:66:                     }
TestTerraformCompleteExample 2022-07-30T23:06:07Z logger.go:66:                   - nodePort     = {
TestTerraformCompleteExample 2022-07-30T23:06:07Z logger.go:66:                       - advertisedURL         = {
TestTerraformCompleteExample 2022-07-30T23:06:07Z logger.go:66:                           - enabled = null
TestTerraformCompleteExample 2022-07-30T23:06:07Z logger.go:66:                           - prefix  = null
TestTerraformCompleteExample 2022-07-30T23:06:07Z logger.go:66:                         }
TestTerraformCompleteExample 2022-07-30T23:06:07Z logger.go:66:                       - annotations           = null
TestTerraformCompleteExample 2022-07-30T23:06:07Z logger.go:66:                       - externalTrafficPolicy = null
TestTerraformCompleteExample 2022-07-30T23:06:07Z logger.go:66:                       - host                  = null
TestTerraformCompleteExample 2022-07-30T23:06:07Z logger.go:66:                       - labels                = null
TestTerraformCompleteExample 2022-07-30T23:06:07Z logger.go:66:                       - nodePortOffset        = null
TestTerraformCompleteExample 2022-07-30T23:06:07Z logger.go:66:                       - servicePorts          = null
TestTerraformCompleteExample 2022-07-30T23:06:07Z logger.go:66:                       - sessionAffinity       = null
TestTerraformCompleteExample 2022-07-30T23:06:07Z logger.go:66:                       - sessionAffinityConfig = {
TestTerraformCompleteExample 2022-07-30T23:06:07Z logger.go:66:                           - clientIP = {
TestTerraformCompleteExample 2022-07-30T23:06:07Z logger.go:66:                               - timeoutSeconds = null
TestTerraformCompleteExample 2022-07-30T23:06:07Z logger.go:66:                             }
TestTerraformCompleteExample 2022-07-30T23:06:07Z logger.go:66:                         }
TestTerraformCompleteExample 2022-07-30T23:06:07Z logger.go:66:                     }
TestTerraformCompleteExample 2022-07-30T23:06:07Z logger.go:66:                   - route        = {
TestTerraformCompleteExample 2022-07-30T23:06:07Z logger.go:66:                       - annotations    = null
TestTerraformCompleteExample 2022-07-30T23:06:07Z logger.go:66:                       - domain         = null
TestTerraformCompleteExample 2022-07-30T23:06:07Z logger.go:66:                       - labels         = null
TestTerraformCompleteExample 2022-07-30T23:06:07Z logger.go:66:                       - prefix         = null
TestTerraformCompleteExample 2022-07-30T23:06:07Z logger.go:66:                       - wildcardPolicy = null
TestTerraformCompleteExample 2022-07-30T23:06:07Z logger.go:66:                     }
TestTerraformCompleteExample 2022-07-30T23:06:07Z logger.go:66:                   - type         = null
TestTerraformCompleteExample 2022-07-30T23:06:07Z logger.go:66:                 }
TestTerraformCompleteExample 2022-07-30T23:06:07Z logger.go:66:               - headlessService                = {
TestTerraformCompleteExample 2022-07-30T23:06:07Z logger.go:66:                   - annotations              = null
TestTerraformCompleteExample 2022-07-30T23:06:07Z logger.go:66:                   - labels                   = null
TestTerraformCompleteExample 2022-07-30T23:06:07Z logger.go:66:                   - publishNotReadyAddresses = null
TestTerraformCompleteExample 2022-07-30T23:06:07Z logger.go:66:                 }
TestTerraformCompleteExample 2022-07-30T23:06:07Z logger.go:66:               - image                          = {
TestTerraformCompleteExample 2022-07-30T23:06:07Z logger.go:66:                   - application   = "confluentinc/cp-ksqldb-server:7.2.0"
TestTerraformCompleteExample 2022-07-30T23:06:07Z logger.go:66:                   - init          = "confluentinc/confluent-init-container:2.4.0"
TestTerraformCompleteExample 2022-07-30T23:06:07Z logger.go:66:                   - pullPolicy    = null
TestTerraformCompleteExample 2022-07-30T23:06:07Z logger.go:66:                   - pullSecretRef = null
TestTerraformCompleteExample 2022-07-30T23:06:07Z logger.go:66:                 }
TestTerraformCompleteExample 2022-07-30T23:06:07Z logger.go:66:               - injectAnnotations              = null
TestTerraformCompleteExample 2022-07-30T23:06:07Z logger.go:66:               - injectLabels                   = null
TestTerraformCompleteExample 2022-07-30T23:06:07Z logger.go:66:               - internalTopicReplicationFactor = null
TestTerraformCompleteExample 2022-07-30T23:06:07Z logger.go:66:               - k8sClusterDomain               = null
TestTerraformCompleteExample 2022-07-30T23:06:07Z logger.go:66:               - license                        = {
TestTerraformCompleteExample 2022-07-30T23:06:07Z logger.go:66:                   - directoryPathInContainer = null
TestTerraformCompleteExample 2022-07-30T23:06:07Z logger.go:66:                   - globalLicense            = null
TestTerraformCompleteExample 2022-07-30T23:06:07Z logger.go:66:                   - secretRef                = null
TestTerraformCompleteExample 2022-07-30T23:06:07Z logger.go:66:                 }
TestTerraformCompleteExample 2022-07-30T23:06:07Z logger.go:66:               - metrics                        = {
TestTerraformCompleteExample 2022-07-30T23:06:07Z logger.go:66:                   - authentication = {
TestTerraformCompleteExample 2022-07-30T23:06:07Z logger.go:66:                       - type = null
TestTerraformCompleteExample 2022-07-30T23:06:07Z logger.go:66:                     }
TestTerraformCompleteExample 2022-07-30T23:06:07Z logger.go:66:                   - prometheus     = {
TestTerraformCompleteExample 2022-07-30T23:06:07Z logger.go:66:                       - blacklist = null
TestTerraformCompleteExample 2022-07-30T23:06:07Z logger.go:66:                       - rules     = null
TestTerraformCompleteExample 2022-07-30T23:06:07Z logger.go:66:                       - whitelist = null
TestTerraformCompleteExample 2022-07-30T23:06:07Z logger.go:66:                     }
TestTerraformCompleteExample 2022-07-30T23:06:07Z logger.go:66:                   - tls            = {
TestTerraformCompleteExample 2022-07-30T23:06:07Z logger.go:66:                       - directoryPathInContainer = null
TestTerraformCompleteExample 2022-07-30T23:06:07Z logger.go:66:                       - enabled                  = null
TestTerraformCompleteExample 2022-07-30T23:06:07Z logger.go:66:                       - ignoreTrustStoreConfig   = null
TestTerraformCompleteExample 2022-07-30T23:06:07Z logger.go:66:                       - jksPassword              = {
TestTerraformCompleteExample 2022-07-30T23:06:07Z logger.go:66:                           - secretRef = null
TestTerraformCompleteExample 2022-07-30T23:06:07Z logger.go:66:                         }
TestTerraformCompleteExample 2022-07-30T23:06:07Z logger.go:66:                       - secretRef                = null
TestTerraformCompleteExample 2022-07-30T23:06:07Z logger.go:66:                     }
TestTerraformCompleteExample 2022-07-30T23:06:07Z logger.go:66:                 }
TestTerraformCompleteExample 2022-07-30T23:06:07Z logger.go:66:               - mountedSecrets                 = null
TestTerraformCompleteExample 2022-07-30T23:06:07Z logger.go:66:               - mountedVolumes                 = {
TestTerraformCompleteExample 2022-07-30T23:06:07Z logger.go:66:                   - volumeMounts = null
TestTerraformCompleteExample 2022-07-30T23:06:07Z logger.go:66:                   - volumes      = null
TestTerraformCompleteExample 2022-07-30T23:06:07Z logger.go:66:                 }
TestTerraformCompleteExample 2022-07-30T23:06:07Z logger.go:66:               - oneReplicaPerNode              = null
TestTerraformCompleteExample 2022-07-30T23:06:07Z logger.go:66:               - podTemplate                    = {
TestTerraformCompleteExample 2022-07-30T23:06:07Z logger.go:66:                   - affinity                      = {
TestTerraformCompleteExample 2022-07-30T23:06:07Z logger.go:66:                       - nodeAffinity    = {
TestTerraformCompleteExample 2022-07-30T23:06:07Z logger.go:66:                           - preferredDuringSchedulingIgnoredDuringExecution = null
TestTerraformCompleteExample 2022-07-30T23:06:07Z logger.go:66:                           - requiredDuringSchedulingIgnoredDuringExecution  = {
TestTerraformCompleteExample 2022-07-30T23:06:07Z logger.go:66:                               - nodeSelectorTerms = null
TestTerraformCompleteExample 2022-07-30T23:06:07Z logger.go:66:                             }
TestTerraformCompleteExample 2022-07-30T23:06:07Z logger.go:66:                         }
TestTerraformCompleteExample 2022-07-30T23:06:07Z logger.go:66:                       - podAffinity     = {
TestTerraformCompleteExample 2022-07-30T23:06:07Z logger.go:66:                           - preferredDuringSchedulingIgnoredDuringExecution = null
TestTerraformCompleteExample 2022-07-30T23:06:07Z logger.go:66:                           - requiredDuringSchedulingIgnoredDuringExecution  = null
TestTerraformCompleteExample 2022-07-30T23:06:07Z logger.go:66:                         }
TestTerraformCompleteExample 2022-07-30T23:06:07Z logger.go:66:                       - podAntiAffinity = {
TestTerraformCompleteExample 2022-07-30T23:06:07Z logger.go:66:                           - preferredDuringSchedulingIgnoredDuringExecution = null
TestTerraformCompleteExample 2022-07-30T23:06:07Z logger.go:66:                           - requiredDuringSchedulingIgnoredDuringExecution  = null
TestTerraformCompleteExample 2022-07-30T23:06:07Z logger.go:66:                         }
TestTerraformCompleteExample 2022-07-30T23:06:07Z logger.go:66:                     }
TestTerraformCompleteExample 2022-07-30T23:06:07Z logger.go:66:                   - annotations                   = null
TestTerraformCompleteExample 2022-07-30T23:06:07Z logger.go:66:                   - envVars                       = null
TestTerraformCompleteExample 2022-07-30T23:06:07Z logger.go:66:                   - labels                        = null
TestTerraformCompleteExample 2022-07-30T23:06:07Z logger.go:66:                   - podSecurityContext            = {
TestTerraformCompleteExample 2022-07-30T23:06:07Z logger.go:66:                       - fsGroup             = null
TestTerraformCompleteExample 2022-07-30T23:06:07Z logger.go:66:                       - fsGroupChangePolicy = null
TestTerraformCompleteExample 2022-07-30T23:06:07Z logger.go:66:                       - runAsGroup          = null
TestTerraformCompleteExample 2022-07-30T23:06:07Z logger.go:66:                       - runAsNonRoot        = null
TestTerraformCompleteExample 2022-07-30T23:06:07Z logger.go:66:                       - runAsUser           = null
TestTerraformCompleteExample 2022-07-30T23:06:07Z logger.go:66:                       - seLinuxOptions      = {
TestTerraformCompleteExample 2022-07-30T23:06:07Z logger.go:66:                           - level = null
TestTerraformCompleteExample 2022-07-30T23:06:07Z logger.go:66:                           - role  = null
TestTerraformCompleteExample 2022-07-30T23:06:07Z logger.go:66:                           - type  = null
TestTerraformCompleteExample 2022-07-30T23:06:07Z logger.go:66:                           - user  = null
TestTerraformCompleteExample 2022-07-30T23:06:07Z logger.go:66:                         }
TestTerraformCompleteExample 2022-07-30T23:06:07Z logger.go:66:                       - seccompProfile      = {
TestTerraformCompleteExample 2022-07-30T23:06:07Z logger.go:66:                           - localhostProfile = null
TestTerraformCompleteExample 2022-07-30T23:06:07Z logger.go:66:                           - type             = null
TestTerraformCompleteExample 2022-07-30T23:06:07Z logger.go:66:                         }
TestTerraformCompleteExample 2022-07-30T23:06:07Z logger.go:66:                       - supplementalGroups  = null
TestTerraformCompleteExample 2022-07-30T23:06:07Z logger.go:66:                       - sysctls             = null
TestTerraformCompleteExample 2022-07-30T23:06:07Z logger.go:66:                       - windowsOptions      = {
TestTerraformCompleteExample 2022-07-30T23:06:07Z logger.go:66:                           - gmsaCredentialSpec     = null
TestTerraformCompleteExample 2022-07-30T23:06:07Z logger.go:66:                           - gmsaCredentialSpecName = null
TestTerraformCompleteExample 2022-07-30T23:06:07Z logger.go:66:                           - hostProcess            = null
TestTerraformCompleteExample 2022-07-30T23:06:07Z logger.go:66:                           - runAsUserName          = null
TestTerraformCompleteExample 2022-07-30T23:06:07Z logger.go:66:                         }
TestTerraformCompleteExample 2022-07-30T23:06:07Z logger.go:66:                     }
TestTerraformCompleteExample 2022-07-30T23:06:07Z logger.go:66:                   - priorityClassName             = null
TestTerraformCompleteExample 2022-07-30T23:06:07Z logger.go:66:                   - probe                         = {
TestTerraformCompleteExample 2022-07-30T23:06:07Z logger.go:66:                       - liveness  = {
TestTerraformCompleteExample 2022-07-30T23:06:07Z logger.go:66:                           - failureThreshold    = null
TestTerraformCompleteExample 2022-07-30T23:06:07Z logger.go:66:                           - initialDelaySeconds = null
TestTerraformCompleteExample 2022-07-30T23:06:07Z logger.go:66:                           - periodSeconds       = null
TestTerraformCompleteExample 2022-07-30T23:06:07Z logger.go:66:                           - successThreshold    = null
TestTerraformCompleteExample 2022-07-30T23:06:07Z logger.go:66:                           - timeoutSeconds      = null
TestTerraformCompleteExample 2022-07-30T23:06:07Z logger.go:66:                         }
TestTerraformCompleteExample 2022-07-30T23:06:07Z logger.go:66:                       - readiness = {
TestTerraformCompleteExample 2022-07-30T23:06:07Z logger.go:66:                           - failureThreshold    = null
TestTerraformCompleteExample 2022-07-30T23:06:07Z logger.go:66:                           - initialDelaySeconds = null
TestTerraformCompleteExample 2022-07-30T23:06:07Z logger.go:66:                           - periodSeconds       = null
TestTerraformCompleteExample 2022-07-30T23:06:07Z logger.go:66:                           - successThreshold    = null
TestTerraformCompleteExample 2022-07-30T23:06:07Z logger.go:66:                           - timeoutSeconds      = null
TestTerraformCompleteExample 2022-07-30T23:06:07Z logger.go:66:                         }
TestTerraformCompleteExample 2022-07-30T23:06:07Z logger.go:66:                     }
TestTerraformCompleteExample 2022-07-30T23:06:07Z logger.go:66:                   - resources                     = {
TestTerraformCompleteExample 2022-07-30T23:06:07Z logger.go:66:                       - limits   = null
TestTerraformCompleteExample 2022-07-30T23:06:07Z logger.go:66:                       - requests = null
TestTerraformCompleteExample 2022-07-30T23:06:07Z logger.go:66:                     }
TestTerraformCompleteExample 2022-07-30T23:06:07Z logger.go:66:                   - securityContext               = {
TestTerraformCompleteExample 2022-07-30T23:06:07Z logger.go:66:                       - allowPrivilegeEscalation = null
TestTerraformCompleteExample 2022-07-30T23:06:07Z logger.go:66:                       - capabilities             = {
TestTerraformCompleteExample 2022-07-30T23:06:07Z logger.go:66:                           - add  = null
TestTerraformCompleteExample 2022-07-30T23:06:07Z logger.go:66:                           - drop = null
TestTerraformCompleteExample 2022-07-30T23:06:07Z logger.go:66:                         }
TestTerraformCompleteExample 2022-07-30T23:06:07Z logger.go:66:                       - privileged               = null
TestTerraformCompleteExample 2022-07-30T23:06:07Z logger.go:66:                       - procMount                = null
TestTerraformCompleteExample 2022-07-30T23:06:07Z logger.go:66:                       - readOnlyRootFilesystem   = null
TestTerraformCompleteExample 2022-07-30T23:06:07Z logger.go:66:                       - runAsGroup               = null
TestTerraformCompleteExample 2022-07-30T23:06:07Z logger.go:66:                       - runAsNonRoot             = null
TestTerraformCompleteExample 2022-07-30T23:06:07Z logger.go:66:                       - runAsUser                = null
TestTerraformCompleteExample 2022-07-30T23:06:07Z logger.go:66:                       - seLinuxOptions           = {
TestTerraformCompleteExample 2022-07-30T23:06:07Z logger.go:66:                           - level = null
TestTerraformCompleteExample 2022-07-30T23:06:07Z logger.go:66:                           - role  = null
TestTerraformCompleteExample 2022-07-30T23:06:07Z logger.go:66:                           - type  = null
TestTerraformCompleteExample 2022-07-30T23:06:07Z logger.go:66:                           - user  = null
TestTerraformCompleteExample 2022-07-30T23:06:07Z logger.go:66:                         }
TestTerraformCompleteExample 2022-07-30T23:06:07Z logger.go:66:                       - seccompProfile           = {
TestTerraformCompleteExample 2022-07-30T23:06:07Z logger.go:66:                           - localhostProfile = null
TestTerraformCompleteExample 2022-07-30T23:06:07Z logger.go:66:                           - type             = null
TestTerraformCompleteExample 2022-07-30T23:06:07Z logger.go:66:                         }
TestTerraformCompleteExample 2022-07-30T23:06:07Z logger.go:66:                       - windowsOptions           = {
TestTerraformCompleteExample 2022-07-30T23:06:07Z logger.go:66:                           - gmsaCredentialSpec     = null
TestTerraformCompleteExample 2022-07-30T23:06:07Z logger.go:66:                           - gmsaCredentialSpecName = null
TestTerraformCompleteExample 2022-07-30T23:06:07Z logger.go:66:                           - hostProcess            = null
TestTerraformCompleteExample 2022-07-30T23:06:07Z logger.go:66:                           - runAsUserName          = null
TestTerraformCompleteExample 2022-07-30T23:06:07Z logger.go:66:                         }
TestTerraformCompleteExample 2022-07-30T23:06:07Z logger.go:66:                     }
TestTerraformCompleteExample 2022-07-30T23:06:07Z logger.go:66:                   - serviceAccountName            = null
TestTerraformCompleteExample 2022-07-30T23:06:07Z logger.go:66:                   - terminationGracePeriodSeconds = null
TestTerraformCompleteExample 2022-07-30T23:06:07Z logger.go:66:                   - tolerations                   = null
TestTerraformCompleteExample 2022-07-30T23:06:07Z logger.go:66:                   - topologySpreadConstraints     = null
TestTerraformCompleteExample 2022-07-30T23:06:07Z logger.go:66:                 }
TestTerraformCompleteExample 2022-07-30T23:06:07Z logger.go:66:               - replicas                       = 1
TestTerraformCompleteExample 2022-07-30T23:06:07Z logger.go:66:               - storageClass                   = {
TestTerraformCompleteExample 2022-07-30T23:06:07Z logger.go:66:                   - name = null
TestTerraformCompleteExample 2022-07-30T23:06:07Z logger.go:66:                 }
TestTerraformCompleteExample 2022-07-30T23:06:07Z logger.go:66:               - telemetry                      = {
TestTerraformCompleteExample 2022-07-30T23:06:07Z logger.go:66:                   - global = null
TestTerraformCompleteExample 2022-07-30T23:06:07Z logger.go:66:                 }
TestTerraformCompleteExample 2022-07-30T23:06:07Z logger.go:66:               - tls                            = {
TestTerraformCompleteExample 2022-07-30T23:06:07Z logger.go:66:                   - autoGeneratedCerts       = null
TestTerraformCompleteExample 2022-07-30T23:06:07Z logger.go:66:                   - directoryPathInContainer = null
TestTerraformCompleteExample 2022-07-30T23:06:07Z logger.go:66:                   - ignoreTrustStoreConfig   = null
TestTerraformCompleteExample 2022-07-30T23:06:07Z logger.go:66:                   - jksPassword              = {
TestTerraformCompleteExample 2022-07-30T23:06:07Z logger.go:66:                       - secretRef = null
TestTerraformCompleteExample 2022-07-30T23:06:07Z logger.go:66:                     }
TestTerraformCompleteExample 2022-07-30T23:06:07Z logger.go:66:                   - secretRef                = null
TestTerraformCompleteExample 2022-07-30T23:06:07Z logger.go:66:                 }
TestTerraformCompleteExample 2022-07-30T23:06:07Z logger.go:66:             }
TestTerraformCompleteExample 2022-07-30T23:06:07Z logger.go:66:         } -> null
TestTerraformCompleteExample 2022-07-30T23:06:07Z logger.go:66:
TestTerraformCompleteExample 2022-07-30T23:06:07Z logger.go:66:       - timeouts {
TestTerraformCompleteExample 2022-07-30T23:06:07Z logger.go:66:           - create = "1h" -> null
TestTerraformCompleteExample 2022-07-30T23:06:07Z logger.go:66:           - delete = "10m" -> null
TestTerraformCompleteExample 2022-07-30T23:06:07Z logger.go:66:           - update = "1h" -> null
TestTerraformCompleteExample 2022-07-30T23:06:07Z logger.go:66:         }
TestTerraformCompleteExample 2022-07-30T23:06:07Z logger.go:66:
TestTerraformCompleteExample 2022-07-30T23:06:07Z logger.go:66:       - wait {
TestTerraformCompleteExample 2022-07-30T23:06:07Z logger.go:66:           - fields = {
TestTerraformCompleteExample 2022-07-30T23:06:07Z logger.go:66:               - "status.phase" = "RUNNING"
TestTerraformCompleteExample 2022-07-30T23:06:07Z logger.go:66:             } -> null
TestTerraformCompleteExample 2022-07-30T23:06:07Z logger.go:66:         }
TestTerraformCompleteExample 2022-07-30T23:06:07Z logger.go:66:     }
TestTerraformCompleteExample 2022-07-30T23:06:07Z logger.go:66:
TestTerraformCompleteExample 2022-07-30T23:06:07Z logger.go:66:   # module.confluent_platform.kubernetes_manifest.component["schemaregistry"] will be destroyed
TestTerraformCompleteExample 2022-07-30T23:06:07Z logger.go:66:   - resource "kubernetes_manifest" "component" {
TestTerraformCompleteExample 2022-07-30T23:06:07Z logger.go:66:       - computed_fields = [
TestTerraformCompleteExample 2022-07-30T23:06:07Z logger.go:66:           - "metadata.finalizers",
TestTerraformCompleteExample 2022-07-30T23:06:07Z logger.go:66:         ] -> null
TestTerraformCompleteExample 2022-07-30T23:06:07Z logger.go:66:       - manifest        = {
TestTerraformCompleteExample 2022-07-30T23:06:07Z logger.go:66:           - apiVersion = "platform.confluent.io/v1beta1"
TestTerraformCompleteExample 2022-07-30T23:06:07Z logger.go:66:           - kind       = "SchemaRegistry"
TestTerraformCompleteExample 2022-07-30T23:06:07Z logger.go:66:           - metadata   = {
TestTerraformCompleteExample 2022-07-30T23:06:07Z logger.go:66:               - name      = "schemaregistry"
TestTerraformCompleteExample 2022-07-30T23:06:07Z logger.go:66:               - namespace = "confluent"
TestTerraformCompleteExample 2022-07-30T23:06:07Z logger.go:66:             }
TestTerraformCompleteExample 2022-07-30T23:06:07Z logger.go:66:           - spec       = {
TestTerraformCompleteExample 2022-07-30T23:06:07Z logger.go:66:               - image    = {
TestTerraformCompleteExample 2022-07-30T23:06:07Z logger.go:66:                   - application = "confluentinc/cp-schema-registry:7.2.0"
TestTerraformCompleteExample 2022-07-30T23:06:07Z logger.go:66:                   - init        = "confluentinc/confluent-init-container:2.4.0"
TestTerraformCompleteExample 2022-07-30T23:06:07Z logger.go:66:                 }
TestTerraformCompleteExample 2022-07-30T23:06:07Z logger.go:66:               - replicas = 3
TestTerraformCompleteExample 2022-07-30T23:06:07Z logger.go:66:             }
TestTerraformCompleteExample 2022-07-30T23:06:07Z logger.go:66:         } -> null
TestTerraformCompleteExample 2022-07-30T23:06:07Z logger.go:66:       - object          = {
TestTerraformCompleteExample 2022-07-30T23:06:07Z logger.go:66:           - apiVersion = "platform.confluent.io/v1beta1"
TestTerraformCompleteExample 2022-07-30T23:06:07Z logger.go:66:           - kind       = "SchemaRegistry"
TestTerraformCompleteExample 2022-07-30T23:06:07Z logger.go:66:           - metadata   = {
TestTerraformCompleteExample 2022-07-30T23:06:07Z logger.go:66:               - annotations                = null
TestTerraformCompleteExample 2022-07-30T23:06:07Z logger.go:66:               - clusterName                = null
TestTerraformCompleteExample 2022-07-30T23:06:07Z logger.go:66:               - creationTimestamp          = null
TestTerraformCompleteExample 2022-07-30T23:06:07Z logger.go:66:               - deletionGracePeriodSeconds = null
TestTerraformCompleteExample 2022-07-30T23:06:07Z logger.go:66:               - deletionTimestamp          = null
TestTerraformCompleteExample 2022-07-30T23:06:07Z logger.go:66:               - finalizers                 = [
TestTerraformCompleteExample 2022-07-30T23:06:07Z logger.go:66:                   - "schemaregistry.finalizers.platform.confluent.io",
TestTerraformCompleteExample 2022-07-30T23:06:07Z logger.go:66:                 ]
TestTerraformCompleteExample 2022-07-30T23:06:07Z logger.go:66:               - generateName               = null
TestTerraformCompleteExample 2022-07-30T23:06:07Z logger.go:66:               - generation                 = null
TestTerraformCompleteExample 2022-07-30T23:06:07Z logger.go:66:               - labels                     = null
TestTerraformCompleteExample 2022-07-30T23:06:07Z logger.go:66:               - managedFields              = null
TestTerraformCompleteExample 2022-07-30T23:06:07Z logger.go:66:               - name                       = "schemaregistry"
TestTerraformCompleteExample 2022-07-30T23:06:07Z logger.go:66:               - namespace                  = "confluent"
TestTerraformCompleteExample 2022-07-30T23:06:07Z logger.go:66:               - ownerReferences            = null
TestTerraformCompleteExample 2022-07-30T23:06:07Z logger.go:66:               - resourceVersion            = null
TestTerraformCompleteExample 2022-07-30T23:06:07Z logger.go:66:               - selfLink                   = null
TestTerraformCompleteExample 2022-07-30T23:06:07Z logger.go:66:               - uid                        = null
TestTerraformCompleteExample 2022-07-30T23:06:07Z logger.go:66:             }
TestTerraformCompleteExample 2022-07-30T23:06:07Z logger.go:66:           - spec       = {
TestTerraformCompleteExample 2022-07-30T23:06:07Z logger.go:66:               - authentication                = {
TestTerraformCompleteExample 2022-07-30T23:06:07Z logger.go:66:                   - basic = {
TestTerraformCompleteExample 2022-07-30T23:06:07Z logger.go:66:                       - debug                    = null
TestTerraformCompleteExample 2022-07-30T23:06:07Z logger.go:66:                       - directoryPathInContainer = null
TestTerraformCompleteExample 2022-07-30T23:06:07Z logger.go:66:                       - restrictedRoles          = null
TestTerraformCompleteExample 2022-07-30T23:06:07Z logger.go:66:                       - roles                    = null
TestTerraformCompleteExample 2022-07-30T23:06:07Z logger.go:66:                       - secretRef                = null
TestTerraformCompleteExample 2022-07-30T23:06:07Z logger.go:66:                     }
TestTerraformCompleteExample 2022-07-30T23:06:07Z logger.go:66:                   - type  = null
TestTerraformCompleteExample 2022-07-30T23:06:07Z logger.go:66:                 }
TestTerraformCompleteExample 2022-07-30T23:06:07Z logger.go:66:               - authorization                 = {
TestTerraformCompleteExample 2022-07-30T23:06:07Z logger.go:66:                   - kafkaRestClassRef = {
TestTerraformCompleteExample 2022-07-30T23:06:07Z logger.go:66:                       - name      = null
TestTerraformCompleteExample 2022-07-30T23:06:07Z logger.go:66:                       - namespace = null
TestTerraformCompleteExample 2022-07-30T23:06:07Z logger.go:66:                     }
TestTerraformCompleteExample 2022-07-30T23:06:07Z logger.go:66:                   - type              = null
TestTerraformCompleteExample 2022-07-30T23:06:07Z logger.go:66:                 }
TestTerraformCompleteExample 2022-07-30T23:06:07Z logger.go:66:               - configOverrides               = {
TestTerraformCompleteExample 2022-07-30T23:06:07Z logger.go:66:                   - jvm    = null
TestTerraformCompleteExample 2022-07-30T23:06:07Z logger.go:66:                   - log4j  = null
TestTerraformCompleteExample 2022-07-30T23:06:07Z logger.go:66:                   - server = null
TestTerraformCompleteExample 2022-07-30T23:06:07Z logger.go:66:                 }
TestTerraformCompleteExample 2022-07-30T23:06:07Z logger.go:66:               - dependencies                  = {
TestTerraformCompleteExample 2022-07-30T23:06:07Z logger.go:66:                   - kafka = {
TestTerraformCompleteExample 2022-07-30T23:06:07Z logger.go:66:                       - authentication    = {
TestTerraformCompleteExample 2022-07-30T23:06:07Z logger.go:66:                           - jaasConfig            = {
TestTerraformCompleteExample 2022-07-30T23:06:07Z logger.go:66:                               - secretRef = null
TestTerraformCompleteExample 2022-07-30T23:06:07Z logger.go:66:                             }
TestTerraformCompleteExample 2022-07-30T23:06:07Z logger.go:66:                           - jaasConfigPassThrough = {
TestTerraformCompleteExample 2022-07-30T23:06:07Z logger.go:66:                               - directoryPathInContainer = null
TestTerraformCompleteExample 2022-07-30T23:06:07Z logger.go:66:                               - secretRef                = null
TestTerraformCompleteExample 2022-07-30T23:06:07Z logger.go:66:                             }
TestTerraformCompleteExample 2022-07-30T23:06:07Z logger.go:66:                           - oauthbearer           = {
TestTerraformCompleteExample 2022-07-30T23:06:07Z logger.go:66:                               - directoryPathInContainer = null
TestTerraformCompleteExample 2022-07-30T23:06:07Z logger.go:66:                               - secretRef                = null
TestTerraformCompleteExample 2022-07-30T23:06:07Z logger.go:66:                             }
TestTerraformCompleteExample 2022-07-30T23:06:07Z logger.go:66:                           - type                  = null
TestTerraformCompleteExample 2022-07-30T23:06:07Z logger.go:66:                         }
TestTerraformCompleteExample 2022-07-30T23:06:07Z logger.go:66:                       - bootstrapEndpoint = null
TestTerraformCompleteExample 2022-07-30T23:06:07Z logger.go:66:                       - discovery         = {
TestTerraformCompleteExample 2022-07-30T23:06:07Z logger.go:66:                           - name      = null
TestTerraformCompleteExample 2022-07-30T23:06:07Z logger.go:66:                           - namespace = null
TestTerraformCompleteExample 2022-07-30T23:06:07Z logger.go:66:                           - secretRef = null
TestTerraformCompleteExample 2022-07-30T23:06:07Z logger.go:66:                         }
TestTerraformCompleteExample 2022-07-30T23:06:07Z logger.go:66:                       - tls               = {
TestTerraformCompleteExample 2022-07-30T23:06:07Z logger.go:66:                           - directoryPathInContainer = null
TestTerraformCompleteExample 2022-07-30T23:06:07Z logger.go:66:                           - enabled                  = null
TestTerraformCompleteExample 2022-07-30T23:06:07Z logger.go:66:                           - ignoreTrustStoreConfig   = null
TestTerraformCompleteExample 2022-07-30T23:06:07Z logger.go:66:                           - jksPassword              = {
TestTerraformCompleteExample 2022-07-30T23:06:07Z logger.go:66:                               - secretRef = null
TestTerraformCompleteExample 2022-07-30T23:06:07Z logger.go:66:                             }
TestTerraformCompleteExample 2022-07-30T23:06:07Z logger.go:66:                           - secretRef                = null
TestTerraformCompleteExample 2022-07-30T23:06:07Z logger.go:66:                         }
TestTerraformCompleteExample 2022-07-30T23:06:07Z logger.go:66:                     }
TestTerraformCompleteExample 2022-07-30T23:06:07Z logger.go:66:                   - mds   = {
TestTerraformCompleteExample 2022-07-30T23:06:07Z logger.go:66:                       - authentication = {
TestTerraformCompleteExample 2022-07-30T23:06:07Z logger.go:66:                           - bearer = {
TestTerraformCompleteExample 2022-07-30T23:06:07Z logger.go:66:                               - directoryPathInContainer = null
TestTerraformCompleteExample 2022-07-30T23:06:07Z logger.go:66:                               - secretRef                = null
TestTerraformCompleteExample 2022-07-30T23:06:07Z logger.go:66:                             }
TestTerraformCompleteExample 2022-07-30T23:06:07Z logger.go:66:                           - type   = null
TestTerraformCompleteExample 2022-07-30T23:06:07Z logger.go:66:                         }
TestTerraformCompleteExample 2022-07-30T23:06:07Z logger.go:66:                       - endpoint       = null
TestTerraformCompleteExample 2022-07-30T23:06:07Z logger.go:66:                       - tls            = {
TestTerraformCompleteExample 2022-07-30T23:06:07Z logger.go:66:                           - directoryPathInContainer = null
TestTerraformCompleteExample 2022-07-30T23:06:07Z logger.go:66:                           - enabled                  = null
TestTerraformCompleteExample 2022-07-30T23:06:07Z logger.go:66:                           - ignoreTrustStoreConfig   = null
TestTerraformCompleteExample 2022-07-30T23:06:07Z logger.go:66:                           - jksPassword              = {
TestTerraformCompleteExample 2022-07-30T23:06:07Z logger.go:66:                               - secretRef = null
TestTerraformCompleteExample 2022-07-30T23:06:07Z logger.go:66:                             }
TestTerraformCompleteExample 2022-07-30T23:06:07Z logger.go:66:                           - secretRef                = null
TestTerraformCompleteExample 2022-07-30T23:06:07Z logger.go:66:                         }
TestTerraformCompleteExample 2022-07-30T23:06:07Z logger.go:66:                       - tokenKeyPair   = {
TestTerraformCompleteExample 2022-07-30T23:06:07Z logger.go:66:                           - directoryPathInContainer = null
TestTerraformCompleteExample 2022-07-30T23:06:07Z logger.go:66:                           - secretRef                = null
TestTerraformCompleteExample 2022-07-30T23:06:07Z logger.go:66:                         }
TestTerraformCompleteExample 2022-07-30T23:06:07Z logger.go:66:                     }
TestTerraformCompleteExample 2022-07-30T23:06:07Z logger.go:66:                 }
TestTerraformCompleteExample 2022-07-30T23:06:07Z logger.go:66:               - enableSchemaExporter          = null
TestTerraformCompleteExample 2022-07-30T23:06:07Z logger.go:66:               - externalAccess                = {
TestTerraformCompleteExample 2022-07-30T23:06:07Z logger.go:66:                   - loadBalancer = {
TestTerraformCompleteExample 2022-07-30T23:06:07Z logger.go:66:                       - advertisedURL            = {
TestTerraformCompleteExample 2022-07-30T23:06:07Z logger.go:66:                           - enabled = null
TestTerraformCompleteExample 2022-07-30T23:06:07Z logger.go:66:                           - prefix  = null
TestTerraformCompleteExample 2022-07-30T23:06:07Z logger.go:66:                         }
TestTerraformCompleteExample 2022-07-30T23:06:07Z logger.go:66:                       - annotations              = null
TestTerraformCompleteExample 2022-07-30T23:06:07Z logger.go:66:                       - domain                   = null
TestTerraformCompleteExample 2022-07-30T23:06:07Z logger.go:66:                       - externalTrafficPolicy    = null
TestTerraformCompleteExample 2022-07-30T23:06:07Z logger.go:66:                       - labels                   = null
TestTerraformCompleteExample 2022-07-30T23:06:07Z logger.go:66:                       - loadBalancerSourceRanges = null
TestTerraformCompleteExample 2022-07-30T23:06:07Z logger.go:66:                       - port                     = null
TestTerraformCompleteExample 2022-07-30T23:06:07Z logger.go:66:                       - prefix                   = null
TestTerraformCompleteExample 2022-07-30T23:06:07Z logger.go:66:                       - servicePorts             = null
TestTerraformCompleteExample 2022-07-30T23:06:07Z logger.go:66:                       - sessionAffinity          = null
TestTerraformCompleteExample 2022-07-30T23:06:07Z logger.go:66:                       - sessionAffinityConfig    = {
TestTerraformCompleteExample 2022-07-30T23:06:07Z logger.go:66:                           - clientIP = {
TestTerraformCompleteExample 2022-07-30T23:06:07Z logger.go:66:                               - timeoutSeconds = null
TestTerraformCompleteExample 2022-07-30T23:06:07Z logger.go:66:                             }
TestTerraformCompleteExample 2022-07-30T23:06:07Z logger.go:66:                         }
TestTerraformCompleteExample 2022-07-30T23:06:07Z logger.go:66:                     }
TestTerraformCompleteExample 2022-07-30T23:06:07Z logger.go:66:                   - nodePort     = {
TestTerraformCompleteExample 2022-07-30T23:06:07Z logger.go:66:                       - advertisedURL         = {
TestTerraformCompleteExample 2022-07-30T23:06:07Z logger.go:66:                           - enabled = null
TestTerraformCompleteExample 2022-07-30T23:06:07Z logger.go:66:                           - prefix  = null
TestTerraformCompleteExample 2022-07-30T23:06:07Z logger.go:66:                         }
TestTerraformCompleteExample 2022-07-30T23:06:07Z logger.go:66:                       - annotations           = null
TestTerraformCompleteExample 2022-07-30T23:06:07Z logger.go:66:                       - externalTrafficPolicy = null
TestTerraformCompleteExample 2022-07-30T23:06:07Z logger.go:66:                       - host                  = null
TestTerraformCompleteExample 2022-07-30T23:06:07Z logger.go:66:                       - labels                = null
TestTerraformCompleteExample 2022-07-30T23:06:07Z logger.go:66:                       - nodePortOffset        = null
TestTerraformCompleteExample 2022-07-30T23:06:07Z logger.go:66:                       - servicePorts          = null
TestTerraformCompleteExample 2022-07-30T23:06:07Z logger.go:66:                       - sessionAffinity       = null
TestTerraformCompleteExample 2022-07-30T23:06:07Z logger.go:66:                       - sessionAffinityConfig = {
TestTerraformCompleteExample 2022-07-30T23:06:07Z logger.go:66:                           - clientIP = {
TestTerraformCompleteExample 2022-07-30T23:06:07Z logger.go:66:                               - timeoutSeconds = null
TestTerraformCompleteExample 2022-07-30T23:06:07Z logger.go:66:                             }
TestTerraformCompleteExample 2022-07-30T23:06:07Z logger.go:66:                         }
TestTerraformCompleteExample 2022-07-30T23:06:07Z logger.go:66:                     }
TestTerraformCompleteExample 2022-07-30T23:06:07Z logger.go:66:                   - route        = {
TestTerraformCompleteExample 2022-07-30T23:06:07Z logger.go:66:                       - annotations    = null
TestTerraformCompleteExample 2022-07-30T23:06:07Z logger.go:66:                       - domain         = null
TestTerraformCompleteExample 2022-07-30T23:06:07Z logger.go:66:                       - labels         = null
TestTerraformCompleteExample 2022-07-30T23:06:07Z logger.go:66:                       - prefix         = null
TestTerraformCompleteExample 2022-07-30T23:06:07Z logger.go:66:                       - wildcardPolicy = null
TestTerraformCompleteExample 2022-07-30T23:06:07Z logger.go:66:                     }
TestTerraformCompleteExample 2022-07-30T23:06:07Z logger.go:66:                   - type         = null
TestTerraformCompleteExample 2022-07-30T23:06:07Z logger.go:66:                 }
TestTerraformCompleteExample 2022-07-30T23:06:07Z logger.go:66:               - headlessService               = {
TestTerraformCompleteExample 2022-07-30T23:06:07Z logger.go:66:                   - annotations              = null
TestTerraformCompleteExample 2022-07-30T23:06:07Z logger.go:66:                   - labels                   = null
TestTerraformCompleteExample 2022-07-30T23:06:07Z logger.go:66:                   - publishNotReadyAddresses = null
TestTerraformCompleteExample 2022-07-30T23:06:07Z logger.go:66:                 }
TestTerraformCompleteExample 2022-07-30T23:06:08Z logger.go:66:               - image                         = {
TestTerraformCompleteExample 2022-07-30T23:06:08Z logger.go:66:                   - application   = "confluentinc/cp-schema-registry:7.2.0"
TestTerraformCompleteExample 2022-07-30T23:06:08Z logger.go:66:                   - init          = "confluentinc/confluent-init-container:2.4.0"
TestTerraformCompleteExample 2022-07-30T23:06:08Z logger.go:66:                   - pullPolicy    = null
TestTerraformCompleteExample 2022-07-30T23:06:08Z logger.go:66:                   - pullSecretRef = null
TestTerraformCompleteExample 2022-07-30T23:06:08Z logger.go:66:                 }
TestTerraformCompleteExample 2022-07-30T23:06:08Z logger.go:66:               - injectAnnotations             = null
TestTerraformCompleteExample 2022-07-30T23:06:08Z logger.go:66:               - injectLabels                  = null
TestTerraformCompleteExample 2022-07-30T23:06:08Z logger.go:66:               - internalTopicReplicatorFactor = null
TestTerraformCompleteExample 2022-07-30T23:06:08Z logger.go:66:               - k8sClusterDomain              = null
TestTerraformCompleteExample 2022-07-30T23:06:08Z logger.go:66:               - license                       = {
TestTerraformCompleteExample 2022-07-30T23:06:08Z logger.go:66:                   - directoryPathInContainer = null
TestTerraformCompleteExample 2022-07-30T23:06:08Z logger.go:66:                   - globalLicense            = null
TestTerraformCompleteExample 2022-07-30T23:06:08Z logger.go:66:                   - secretRef                = null
TestTerraformCompleteExample 2022-07-30T23:06:08Z logger.go:66:                 }
TestTerraformCompleteExample 2022-07-30T23:06:08Z logger.go:66:               - metrics                       = {
TestTerraformCompleteExample 2022-07-30T23:06:08Z logger.go:66:                   - authentication = {
TestTerraformCompleteExample 2022-07-30T23:06:08Z logger.go:66:                       - type = null
TestTerraformCompleteExample 2022-07-30T23:06:08Z logger.go:66:                     }
TestTerraformCompleteExample 2022-07-30T23:06:08Z logger.go:66:                   - prometheus     = {
TestTerraformCompleteExample 2022-07-30T23:06:08Z logger.go:66:                       - blacklist = null
TestTerraformCompleteExample 2022-07-30T23:06:08Z logger.go:66:                       - rules     = null
TestTerraformCompleteExample 2022-07-30T23:06:08Z logger.go:66:                       - whitelist = null
TestTerraformCompleteExample 2022-07-30T23:06:08Z logger.go:66:                     }
TestTerraformCompleteExample 2022-07-30T23:06:08Z logger.go:66:                   - tls            = {
TestTerraformCompleteExample 2022-07-30T23:06:08Z logger.go:66:                       - directoryPathInContainer = null
TestTerraformCompleteExample 2022-07-30T23:06:08Z logger.go:66:                       - enabled                  = null
TestTerraformCompleteExample 2022-07-30T23:06:08Z logger.go:66:                       - ignoreTrustStoreConfig   = null
TestTerraformCompleteExample 2022-07-30T23:06:08Z logger.go:66:                       - jksPassword              = {
TestTerraformCompleteExample 2022-07-30T23:06:08Z logger.go:66:                           - secretRef = null
TestTerraformCompleteExample 2022-07-30T23:06:08Z logger.go:66:                         }
TestTerraformCompleteExample 2022-07-30T23:06:08Z logger.go:66:                       - secretRef                = null
TestTerraformCompleteExample 2022-07-30T23:06:08Z logger.go:66:                     }
TestTerraformCompleteExample 2022-07-30T23:06:08Z logger.go:66:                 }
TestTerraformCompleteExample 2022-07-30T23:06:08Z logger.go:66:               - mountedSecrets                = null
TestTerraformCompleteExample 2022-07-30T23:06:08Z logger.go:66:               - mountedVolumes                = {
TestTerraformCompleteExample 2022-07-30T23:06:08Z logger.go:66:                   - volumeMounts = null
TestTerraformCompleteExample 2022-07-30T23:06:08Z logger.go:66:                   - volumes      = null
TestTerraformCompleteExample 2022-07-30T23:06:08Z logger.go:66:                 }
TestTerraformCompleteExample 2022-07-30T23:06:08Z logger.go:66:               - oneReplicaPerNode             = null
TestTerraformCompleteExample 2022-07-30T23:06:08Z logger.go:66:               - passwordEncoder               = {
TestTerraformCompleteExample 2022-07-30T23:06:08Z logger.go:66:                   - directoryPathInContainer = null
TestTerraformCompleteExample 2022-07-30T23:06:08Z logger.go:66:                   - secretRef                = null
TestTerraformCompleteExample 2022-07-30T23:06:08Z logger.go:66:                 }
TestTerraformCompleteExample 2022-07-30T23:06:08Z logger.go:66:               - podTemplate                   = {
TestTerraformCompleteExample 2022-07-30T23:06:08Z logger.go:66:                   - affinity                      = {
TestTerraformCompleteExample 2022-07-30T23:06:08Z logger.go:66:                       - nodeAffinity    = {
TestTerraformCompleteExample 2022-07-30T23:06:08Z logger.go:66:                           - preferredDuringSchedulingIgnoredDuringExecution = null
TestTerraformCompleteExample 2022-07-30T23:06:08Z logger.go:66:                           - requiredDuringSchedulingIgnoredDuringExecution  = {
TestTerraformCompleteExample 2022-07-30T23:06:08Z logger.go:66:                               - nodeSelectorTerms = null
TestTerraformCompleteExample 2022-07-30T23:06:08Z logger.go:66:                             }
TestTerraformCompleteExample 2022-07-30T23:06:08Z logger.go:66:                         }
TestTerraformCompleteExample 2022-07-30T23:06:08Z logger.go:66:                       - podAffinity     = {
TestTerraformCompleteExample 2022-07-30T23:06:08Z logger.go:66:                           - preferredDuringSchedulingIgnoredDuringExecution = null
TestTerraformCompleteExample 2022-07-30T23:06:08Z logger.go:66:                           - requiredDuringSchedulingIgnoredDuringExecution  = null
TestTerraformCompleteExample 2022-07-30T23:06:08Z logger.go:66:                         }
TestTerraformCompleteExample 2022-07-30T23:06:08Z logger.go:66:                       - podAntiAffinity = {
TestTerraformCompleteExample 2022-07-30T23:06:08Z logger.go:66:                           - preferredDuringSchedulingIgnoredDuringExecution = null
TestTerraformCompleteExample 2022-07-30T23:06:08Z logger.go:66:                           - requiredDuringSchedulingIgnoredDuringExecution  = null
TestTerraformCompleteExample 2022-07-30T23:06:08Z logger.go:66:                         }
TestTerraformCompleteExample 2022-07-30T23:06:08Z logger.go:66:                     }
TestTerraformCompleteExample 2022-07-30T23:06:08Z logger.go:66:                   - annotations                   = null
TestTerraformCompleteExample 2022-07-30T23:06:08Z logger.go:66:                   - envVars                       = null
TestTerraformCompleteExample 2022-07-30T23:06:08Z logger.go:66:                   - labels                        = null
TestTerraformCompleteExample 2022-07-30T23:06:08Z logger.go:66:                   - podSecurityContext            = {
TestTerraformCompleteExample 2022-07-30T23:06:08Z logger.go:66:                       - fsGroup             = null
TestTerraformCompleteExample 2022-07-30T23:06:08Z logger.go:66:                       - fsGroupChangePolicy = null
TestTerraformCompleteExample 2022-07-30T23:06:08Z logger.go:66:                       - runAsGroup          = null
TestTerraformCompleteExample 2022-07-30T23:06:08Z logger.go:66:                       - runAsNonRoot        = null
TestTerraformCompleteExample 2022-07-30T23:06:08Z logger.go:66:                       - runAsUser           = null
TestTerraformCompleteExample 2022-07-30T23:06:08Z logger.go:66:                       - seLinuxOptions      = {
TestTerraformCompleteExample 2022-07-30T23:06:08Z logger.go:66:                           - level = null
TestTerraformCompleteExample 2022-07-30T23:06:08Z logger.go:66:                           - role  = null
TestTerraformCompleteExample 2022-07-30T23:06:08Z logger.go:66:                           - type  = null
TestTerraformCompleteExample 2022-07-30T23:06:08Z logger.go:66:                           - user  = null
TestTerraformCompleteExample 2022-07-30T23:06:08Z logger.go:66:                         }
TestTerraformCompleteExample 2022-07-30T23:06:08Z logger.go:66:                       - seccompProfile      = {
TestTerraformCompleteExample 2022-07-30T23:06:08Z logger.go:66:                           - localhostProfile = null
TestTerraformCompleteExample 2022-07-30T23:06:08Z logger.go:66:                           - type             = null
TestTerraformCompleteExample 2022-07-30T23:06:08Z logger.go:66:                         }
TestTerraformCompleteExample 2022-07-30T23:06:08Z logger.go:66:                       - supplementalGroups  = null
TestTerraformCompleteExample 2022-07-30T23:06:08Z logger.go:66:                       - sysctls             = null
TestTerraformCompleteExample 2022-07-30T23:06:08Z logger.go:66:                       - windowsOptions      = {
TestTerraformCompleteExample 2022-07-30T23:06:08Z logger.go:66:                           - gmsaCredentialSpec     = null
TestTerraformCompleteExample 2022-07-30T23:06:08Z logger.go:66:                           - gmsaCredentialSpecName = null
TestTerraformCompleteExample 2022-07-30T23:06:08Z logger.go:66:                           - hostProcess            = null
TestTerraformCompleteExample 2022-07-30T23:06:08Z logger.go:66:                           - runAsUserName          = null
TestTerraformCompleteExample 2022-07-30T23:06:08Z logger.go:66:                         }
TestTerraformCompleteExample 2022-07-30T23:06:08Z logger.go:66:                     }
TestTerraformCompleteExample 2022-07-30T23:06:08Z logger.go:66:                   - priorityClassName             = null
TestTerraformCompleteExample 2022-07-30T23:06:08Z logger.go:66:                   - probe                         = {
TestTerraformCompleteExample 2022-07-30T23:06:08Z logger.go:66:                       - liveness  = {
TestTerraformCompleteExample 2022-07-30T23:06:08Z logger.go:66:                           - failureThreshold    = null
TestTerraformCompleteExample 2022-07-30T23:06:08Z logger.go:66:                           - initialDelaySeconds = null
TestTerraformCompleteExample 2022-07-30T23:06:08Z logger.go:66:                           - periodSeconds       = null
TestTerraformCompleteExample 2022-07-30T23:06:08Z logger.go:66:                           - successThreshold    = null
TestTerraformCompleteExample 2022-07-30T23:06:08Z logger.go:66:                           - timeoutSeconds      = null
TestTerraformCompleteExample 2022-07-30T23:06:08Z logger.go:66:                         }
TestTerraformCompleteExample 2022-07-30T23:06:08Z logger.go:66:                       - readiness = {
TestTerraformCompleteExample 2022-07-30T23:06:08Z logger.go:66:                           - failureThreshold    = null
TestTerraformCompleteExample 2022-07-30T23:06:08Z logger.go:66:                           - initialDelaySeconds = null
TestTerraformCompleteExample 2022-07-30T23:06:08Z logger.go:66:                           - periodSeconds       = null
TestTerraformCompleteExample 2022-07-30T23:06:08Z logger.go:66:                           - successThreshold    = null
TestTerraformCompleteExample 2022-07-30T23:06:08Z logger.go:66:                           - timeoutSeconds      = null
TestTerraformCompleteExample 2022-07-30T23:06:08Z logger.go:66:                         }
TestTerraformCompleteExample 2022-07-30T23:06:08Z logger.go:66:                     }
TestTerraformCompleteExample 2022-07-30T23:06:08Z logger.go:66:                   - resources                     = {
TestTerraformCompleteExample 2022-07-30T23:06:08Z logger.go:66:                       - limits   = null
TestTerraformCompleteExample 2022-07-30T23:06:08Z logger.go:66:                       - requests = null
TestTerraformCompleteExample 2022-07-30T23:06:08Z logger.go:66:                     }
TestTerraformCompleteExample 2022-07-30T23:06:08Z logger.go:66:                   - securityContext               = {
TestTerraformCompleteExample 2022-07-30T23:06:08Z logger.go:66:                       - allowPrivilegeEscalation = null
TestTerraformCompleteExample 2022-07-30T23:06:08Z logger.go:66:                       - capabilities             = {
TestTerraformCompleteExample 2022-07-30T23:06:08Z logger.go:66:                           - add  = null
TestTerraformCompleteExample 2022-07-30T23:06:08Z logger.go:66:                           - drop = null
TestTerraformCompleteExample 2022-07-30T23:06:08Z logger.go:66:                         }
TestTerraformCompleteExample 2022-07-30T23:06:08Z logger.go:66:                       - privileged               = null
TestTerraformCompleteExample 2022-07-30T23:06:08Z logger.go:66:                       - procMount                = null
TestTerraformCompleteExample 2022-07-30T23:06:08Z logger.go:66:                       - readOnlyRootFilesystem   = null
TestTerraformCompleteExample 2022-07-30T23:06:08Z logger.go:66:                       - runAsGroup               = null
TestTerraformCompleteExample 2022-07-30T23:06:08Z logger.go:66:                       - runAsNonRoot             = null
TestTerraformCompleteExample 2022-07-30T23:06:08Z logger.go:66:                       - runAsUser                = null
TestTerraformCompleteExample 2022-07-30T23:06:08Z logger.go:66:                       - seLinuxOptions           = {
TestTerraformCompleteExample 2022-07-30T23:06:08Z logger.go:66:                           - level = null
TestTerraformCompleteExample 2022-07-30T23:06:08Z logger.go:66:                           - role  = null
TestTerraformCompleteExample 2022-07-30T23:06:08Z logger.go:66:                           - type  = null
TestTerraformCompleteExample 2022-07-30T23:06:08Z logger.go:66:                           - user  = null
TestTerraformCompleteExample 2022-07-30T23:06:08Z logger.go:66:                         }
TestTerraformCompleteExample 2022-07-30T23:06:08Z logger.go:66:                       - seccompProfile           = {
TestTerraformCompleteExample 2022-07-30T23:06:08Z logger.go:66:                           - localhostProfile = null
TestTerraformCompleteExample 2022-07-30T23:06:08Z logger.go:66:                           - type             = null
TestTerraformCompleteExample 2022-07-30T23:06:08Z logger.go:66:                         }
TestTerraformCompleteExample 2022-07-30T23:06:08Z logger.go:66:                       - windowsOptions           = {
TestTerraformCompleteExample 2022-07-30T23:06:08Z logger.go:66:                           - gmsaCredentialSpec     = null
TestTerraformCompleteExample 2022-07-30T23:06:08Z logger.go:66:                           - gmsaCredentialSpecName = null
TestTerraformCompleteExample 2022-07-30T23:06:08Z logger.go:66:                           - hostProcess            = null
TestTerraformCompleteExample 2022-07-30T23:06:08Z logger.go:66:                           - runAsUserName          = null
TestTerraformCompleteExample 2022-07-30T23:06:08Z logger.go:66:                         }
TestTerraformCompleteExample 2022-07-30T23:06:08Z logger.go:66:                     }
TestTerraformCompleteExample 2022-07-30T23:06:08Z logger.go:66:                   - serviceAccountName            = null
TestTerraformCompleteExample 2022-07-30T23:06:08Z logger.go:66:                   - terminationGracePeriodSeconds = null
TestTerraformCompleteExample 2022-07-30T23:06:08Z logger.go:66:                   - tolerations                   = null
TestTerraformCompleteExample 2022-07-30T23:06:08Z logger.go:66:                   - topologySpreadConstraints     = null
TestTerraformCompleteExample 2022-07-30T23:06:08Z logger.go:66:                 }
TestTerraformCompleteExample 2022-07-30T23:06:08Z logger.go:66:               - replicas                      = 3
TestTerraformCompleteExample 2022-07-30T23:06:08Z logger.go:66:               - telemetry                     = {
TestTerraformCompleteExample 2022-07-30T23:06:08Z logger.go:66:                   - global = null
TestTerraformCompleteExample 2022-07-30T23:06:08Z logger.go:66:                 }
TestTerraformCompleteExample 2022-07-30T23:06:08Z logger.go:66:               - tls                           = {
TestTerraformCompleteExample 2022-07-30T23:06:08Z logger.go:66:                   - autoGeneratedCerts       = null
TestTerraformCompleteExample 2022-07-30T23:06:08Z logger.go:66:                   - directoryPathInContainer = null
TestTerraformCompleteExample 2022-07-30T23:06:08Z logger.go:66:                   - ignoreTrustStoreConfig   = null
TestTerraformCompleteExample 2022-07-30T23:06:08Z logger.go:66:                   - jksPassword              = {
TestTerraformCompleteExample 2022-07-30T23:06:08Z logger.go:66:                       - secretRef = null
TestTerraformCompleteExample 2022-07-30T23:06:08Z logger.go:66:                     }
TestTerraformCompleteExample 2022-07-30T23:06:08Z logger.go:66:                   - secretRef                = null
TestTerraformCompleteExample 2022-07-30T23:06:08Z logger.go:66:                 }
TestTerraformCompleteExample 2022-07-30T23:06:08Z logger.go:66:             }
TestTerraformCompleteExample 2022-07-30T23:06:08Z logger.go:66:         } -> null
TestTerraformCompleteExample 2022-07-30T23:06:08Z logger.go:66:
TestTerraformCompleteExample 2022-07-30T23:06:08Z logger.go:66:       - timeouts {
TestTerraformCompleteExample 2022-07-30T23:06:08Z logger.go:66:           - create = "1h" -> null
TestTerraformCompleteExample 2022-07-30T23:06:08Z logger.go:66:           - delete = "10m" -> null
TestTerraformCompleteExample 2022-07-30T23:06:08Z logger.go:66:           - update = "1h" -> null
TestTerraformCompleteExample 2022-07-30T23:06:08Z logger.go:66:         }
TestTerraformCompleteExample 2022-07-30T23:06:08Z logger.go:66:
TestTerraformCompleteExample 2022-07-30T23:06:08Z logger.go:66:       - wait {
TestTerraformCompleteExample 2022-07-30T23:06:08Z logger.go:66:           - fields = {
TestTerraformCompleteExample 2022-07-30T23:06:08Z logger.go:66:               - "status.phase" = "RUNNING"
TestTerraformCompleteExample 2022-07-30T23:06:08Z logger.go:66:             } -> null
TestTerraformCompleteExample 2022-07-30T23:06:08Z logger.go:66:         }
TestTerraformCompleteExample 2022-07-30T23:06:08Z logger.go:66:     }
TestTerraformCompleteExample 2022-07-30T23:06:08Z logger.go:66:
TestTerraformCompleteExample 2022-07-30T23:06:08Z logger.go:66:   # module.confluent_platform.kubernetes_manifest.component["zookeeper"] will be destroyed
TestTerraformCompleteExample 2022-07-30T23:06:08Z logger.go:66:   - resource "kubernetes_manifest" "component" {
TestTerraformCompleteExample 2022-07-30T23:06:08Z logger.go:66:       - computed_fields = [
TestTerraformCompleteExample 2022-07-30T23:06:08Z logger.go:66:           - "metadata.finalizers",
TestTerraformCompleteExample 2022-07-30T23:06:08Z logger.go:66:         ] -> null
TestTerraformCompleteExample 2022-07-30T23:06:08Z logger.go:66:       - manifest        = {
TestTerraformCompleteExample 2022-07-30T23:06:08Z logger.go:66:           - apiVersion = "platform.confluent.io/v1beta1"
TestTerraformCompleteExample 2022-07-30T23:06:08Z logger.go:66:           - kind       = "Zookeeper"
TestTerraformCompleteExample 2022-07-30T23:06:08Z logger.go:66:           - metadata   = {
TestTerraformCompleteExample 2022-07-30T23:06:08Z logger.go:66:               - name      = "zookeeper"
TestTerraformCompleteExample 2022-07-30T23:06:08Z logger.go:66:               - namespace = "confluent"
TestTerraformCompleteExample 2022-07-30T23:06:08Z logger.go:66:             }
TestTerraformCompleteExample 2022-07-30T23:06:08Z logger.go:66:           - spec       = {
TestTerraformCompleteExample 2022-07-30T23:06:08Z logger.go:66:               - dataVolumeCapacity = "10Gi"
TestTerraformCompleteExample 2022-07-30T23:06:08Z logger.go:66:               - image              = {
TestTerraformCompleteExample 2022-07-30T23:06:08Z logger.go:66:                   - application = "confluentinc/cp-zookeeper:7.2.0"
TestTerraformCompleteExample 2022-07-30T23:06:08Z logger.go:66:                   - init        = "confluentinc/confluent-init-container:2.4.0"
TestTerraformCompleteExample 2022-07-30T23:06:08Z logger.go:66:                 }
TestTerraformCompleteExample 2022-07-30T23:06:08Z logger.go:66:               - logVolumeCapacity  = "10Gi"
TestTerraformCompleteExample 2022-07-30T23:06:08Z logger.go:66:               - replicas           = 3
TestTerraformCompleteExample 2022-07-30T23:06:08Z logger.go:66:             }
TestTerraformCompleteExample 2022-07-30T23:06:08Z logger.go:66:         } -> null
TestTerraformCompleteExample 2022-07-30T23:06:08Z logger.go:66:       - object          = {
TestTerraformCompleteExample 2022-07-30T23:06:08Z logger.go:66:           - apiVersion = "platform.confluent.io/v1beta1"
TestTerraformCompleteExample 2022-07-30T23:06:08Z logger.go:66:           - kind       = "Zookeeper"
TestTerraformCompleteExample 2022-07-30T23:06:08Z logger.go:66:           - metadata   = {
TestTerraformCompleteExample 2022-07-30T23:06:08Z logger.go:66:               - annotations                = null
TestTerraformCompleteExample 2022-07-30T23:06:08Z logger.go:66:               - clusterName                = null
TestTerraformCompleteExample 2022-07-30T23:06:08Z logger.go:66:               - creationTimestamp          = null
TestTerraformCompleteExample 2022-07-30T23:06:08Z logger.go:66:               - deletionGracePeriodSeconds = null
TestTerraformCompleteExample 2022-07-30T23:06:08Z logger.go:66:               - deletionTimestamp          = null
TestTerraformCompleteExample 2022-07-30T23:06:08Z logger.go:66:               - finalizers                 = [
TestTerraformCompleteExample 2022-07-30T23:06:08Z logger.go:66:                   - "zookeeper.finalizers.platform.confluent.io",
TestTerraformCompleteExample 2022-07-30T23:06:08Z logger.go:66:                 ]
TestTerraformCompleteExample 2022-07-30T23:06:08Z logger.go:66:               - generateName               = null
TestTerraformCompleteExample 2022-07-30T23:06:08Z logger.go:66:               - generation                 = null
TestTerraformCompleteExample 2022-07-30T23:06:08Z logger.go:66:               - labels                     = null
TestTerraformCompleteExample 2022-07-30T23:06:08Z logger.go:66:               - managedFields              = null
TestTerraformCompleteExample 2022-07-30T23:06:08Z logger.go:66:               - name                       = "zookeeper"
TestTerraformCompleteExample 2022-07-30T23:06:08Z logger.go:66:               - namespace                  = "confluent"
TestTerraformCompleteExample 2022-07-30T23:06:08Z logger.go:66:               - ownerReferences            = null
TestTerraformCompleteExample 2022-07-30T23:06:08Z logger.go:66:               - resourceVersion            = null
TestTerraformCompleteExample 2022-07-30T23:06:08Z logger.go:66:               - selfLink                   = null
TestTerraformCompleteExample 2022-07-30T23:06:08Z logger.go:66:               - uid                        = null
TestTerraformCompleteExample 2022-07-30T23:06:08Z logger.go:66:             }
TestTerraformCompleteExample 2022-07-30T23:06:08Z logger.go:66:           - spec       = {
TestTerraformCompleteExample 2022-07-30T23:06:08Z logger.go:66:               - authentication     = {
TestTerraformCompleteExample 2022-07-30T23:06:08Z logger.go:66:                   - jaasConfig            = {
TestTerraformCompleteExample 2022-07-30T23:06:08Z logger.go:66:                       - secretRef = null
TestTerraformCompleteExample 2022-07-30T23:06:08Z logger.go:66:                     }
TestTerraformCompleteExample 2022-07-30T23:06:08Z logger.go:66:                   - jaasConfigPassThrough = {
TestTerraformCompleteExample 2022-07-30T23:06:08Z logger.go:66:                       - directoryPathInContainer = null
TestTerraformCompleteExample 2022-07-30T23:06:08Z logger.go:66:                       - secretRef                = null
TestTerraformCompleteExample 2022-07-30T23:06:08Z logger.go:66:                     }
TestTerraformCompleteExample 2022-07-30T23:06:08Z logger.go:66:                   - principalMappingRules = null
TestTerraformCompleteExample 2022-07-30T23:06:08Z logger.go:66:                   - type                  = null
TestTerraformCompleteExample 2022-07-30T23:06:08Z logger.go:66:                 }
TestTerraformCompleteExample 2022-07-30T23:06:08Z logger.go:66:               - configOverrides    = {
TestTerraformCompleteExample 2022-07-30T23:06:08Z logger.go:66:                   - jvm    = null
TestTerraformCompleteExample 2022-07-30T23:06:08Z logger.go:66:                   - log4j  = null
TestTerraformCompleteExample 2022-07-30T23:06:08Z logger.go:66:                   - peers  = null
TestTerraformCompleteExample 2022-07-30T23:06:08Z logger.go:66:                   - server = null
TestTerraformCompleteExample 2022-07-30T23:06:08Z logger.go:66:                 }
TestTerraformCompleteExample 2022-07-30T23:06:08Z logger.go:66:               - dataVolumeCapacity = "10Gi"
TestTerraformCompleteExample 2022-07-30T23:06:08Z logger.go:66:               - headlessService    = {
TestTerraformCompleteExample 2022-07-30T23:06:08Z logger.go:66:                   - annotations              = null
TestTerraformCompleteExample 2022-07-30T23:06:08Z logger.go:66:                   - labels                   = null
TestTerraformCompleteExample 2022-07-30T23:06:08Z logger.go:66:                   - publishNotReadyAddresses = null
TestTerraformCompleteExample 2022-07-30T23:06:08Z logger.go:66:                 }
TestTerraformCompleteExample 2022-07-30T23:06:08Z logger.go:66:               - image              = {
TestTerraformCompleteExample 2022-07-30T23:06:08Z logger.go:66:                   - application   = "confluentinc/cp-zookeeper:7.2.0"
TestTerraformCompleteExample 2022-07-30T23:06:08Z logger.go:66:                   - init          = "confluentinc/confluent-init-container:2.4.0"
TestTerraformCompleteExample 2022-07-30T23:06:08Z logger.go:66:                   - pullPolicy    = null
TestTerraformCompleteExample 2022-07-30T23:06:08Z logger.go:66:                   - pullSecretRef = null
TestTerraformCompleteExample 2022-07-30T23:06:08Z logger.go:66:                 }
TestTerraformCompleteExample 2022-07-30T23:06:08Z logger.go:66:               - injectAnnotations  = null
TestTerraformCompleteExample 2022-07-30T23:06:08Z logger.go:66:               - injectLabels       = null
TestTerraformCompleteExample 2022-07-30T23:06:08Z logger.go:66:               - k8sClusterDomain   = null
TestTerraformCompleteExample 2022-07-30T23:06:08Z logger.go:66:               - license            = {
TestTerraformCompleteExample 2022-07-30T23:06:08Z logger.go:66:                   - directoryPathInContainer = null
TestTerraformCompleteExample 2022-07-30T23:06:08Z logger.go:66:                   - globalLicense            = null
TestTerraformCompleteExample 2022-07-30T23:06:08Z logger.go:66:                   - secretRef                = null
TestTerraformCompleteExample 2022-07-30T23:06:08Z logger.go:66:                 }
TestTerraformCompleteExample 2022-07-30T23:06:08Z logger.go:66:               - logVolumeCapacity  = "10Gi"
TestTerraformCompleteExample 2022-07-30T23:06:08Z logger.go:66:               - metrics            = {
TestTerraformCompleteExample 2022-07-30T23:06:08Z logger.go:66:                   - authentication = {
TestTerraformCompleteExample 2022-07-30T23:06:08Z logger.go:66:                       - type = null
TestTerraformCompleteExample 2022-07-30T23:06:08Z logger.go:66:                     }
TestTerraformCompleteExample 2022-07-30T23:06:08Z logger.go:66:                   - prometheus     = {
TestTerraformCompleteExample 2022-07-30T23:06:08Z logger.go:66:                       - blacklist = null
TestTerraformCompleteExample 2022-07-30T23:06:08Z logger.go:66:                       - rules     = null
TestTerraformCompleteExample 2022-07-30T23:06:08Z logger.go:66:                       - whitelist = null
TestTerraformCompleteExample 2022-07-30T23:06:08Z logger.go:66:                     }
TestTerraformCompleteExample 2022-07-30T23:06:08Z logger.go:66:                   - tls            = {
TestTerraformCompleteExample 2022-07-30T23:06:08Z logger.go:66:                       - directoryPathInContainer = null
TestTerraformCompleteExample 2022-07-30T23:06:08Z logger.go:66:                       - enabled                  = null
TestTerraformCompleteExample 2022-07-30T23:06:08Z logger.go:66:                       - ignoreTrustStoreConfig   = null
TestTerraformCompleteExample 2022-07-30T23:06:08Z logger.go:66:                       - jksPassword              = {
TestTerraformCompleteExample 2022-07-30T23:06:08Z logger.go:66:                           - secretRef = null
TestTerraformCompleteExample 2022-07-30T23:06:08Z logger.go:66:                         }
TestTerraformCompleteExample 2022-07-30T23:06:08Z logger.go:66:                       - secretRef                = null
TestTerraformCompleteExample 2022-07-30T23:06:08Z logger.go:66:                     }
TestTerraformCompleteExample 2022-07-30T23:06:08Z logger.go:66:                 }
TestTerraformCompleteExample 2022-07-30T23:06:08Z logger.go:66:               - mountedSecrets     = null
TestTerraformCompleteExample 2022-07-30T23:06:08Z logger.go:66:               - mountedVolumes     = {
TestTerraformCompleteExample 2022-07-30T23:06:08Z logger.go:66:                   - volumeMounts = null
TestTerraformCompleteExample 2022-07-30T23:06:08Z logger.go:66:                   - volumes      = null
TestTerraformCompleteExample 2022-07-30T23:06:08Z logger.go:66:                 }
TestTerraformCompleteExample 2022-07-30T23:06:08Z logger.go:66:               - oneReplicaPerNode  = null
TestTerraformCompleteExample 2022-07-30T23:06:08Z logger.go:66:               - podTemplate        = {
TestTerraformCompleteExample 2022-07-30T23:06:08Z logger.go:66:                   - affinity                      = {
TestTerraformCompleteExample 2022-07-30T23:06:08Z logger.go:66:                       - nodeAffinity    = {
TestTerraformCompleteExample 2022-07-30T23:06:08Z logger.go:66:                           - preferredDuringSchedulingIgnoredDuringExecution = null
TestTerraformCompleteExample 2022-07-30T23:06:08Z logger.go:66:                           - requiredDuringSchedulingIgnoredDuringExecution  = {
TestTerraformCompleteExample 2022-07-30T23:06:08Z logger.go:66:                               - nodeSelectorTerms = null
TestTerraformCompleteExample 2022-07-30T23:06:08Z logger.go:66:                             }
TestTerraformCompleteExample 2022-07-30T23:06:08Z logger.go:66:                         }
TestTerraformCompleteExample 2022-07-30T23:06:08Z logger.go:66:                       - podAffinity     = {
TestTerraformCompleteExample 2022-07-30T23:06:08Z logger.go:66:                           - preferredDuringSchedulingIgnoredDuringExecution = null
TestTerraformCompleteExample 2022-07-30T23:06:08Z logger.go:66:                           - requiredDuringSchedulingIgnoredDuringExecution  = null
TestTerraformCompleteExample 2022-07-30T23:06:08Z logger.go:66:                         }
TestTerraformCompleteExample 2022-07-30T23:06:08Z logger.go:66:                       - podAntiAffinity = {
TestTerraformCompleteExample 2022-07-30T23:06:08Z logger.go:66:                           - preferredDuringSchedulingIgnoredDuringExecution = null
TestTerraformCompleteExample 2022-07-30T23:06:08Z logger.go:66:                           - requiredDuringSchedulingIgnoredDuringExecution  = null
TestTerraformCompleteExample 2022-07-30T23:06:08Z logger.go:66:                         }
TestTerraformCompleteExample 2022-07-30T23:06:08Z logger.go:66:                     }
TestTerraformCompleteExample 2022-07-30T23:06:08Z logger.go:66:                   - annotations                   = null
TestTerraformCompleteExample 2022-07-30T23:06:08Z logger.go:66:                   - envVars                       = null
TestTerraformCompleteExample 2022-07-30T23:06:08Z logger.go:66:                   - labels                        = null
TestTerraformCompleteExample 2022-07-30T23:06:08Z logger.go:66:                   - podSecurityContext            = {
TestTerraformCompleteExample 2022-07-30T23:06:08Z logger.go:66:                       - fsGroup             = null
TestTerraformCompleteExample 2022-07-30T23:06:08Z logger.go:66:                       - fsGroupChangePolicy = null
TestTerraformCompleteExample 2022-07-30T23:06:08Z logger.go:66:                       - runAsGroup          = null
TestTerraformCompleteExample 2022-07-30T23:06:08Z logger.go:66:                       - runAsNonRoot        = null
TestTerraformCompleteExample 2022-07-30T23:06:08Z logger.go:66:                       - runAsUser           = null
TestTerraformCompleteExample 2022-07-30T23:06:08Z logger.go:66:                       - seLinuxOptions      = {
TestTerraformCompleteExample 2022-07-30T23:06:08Z logger.go:66:                           - level = null
TestTerraformCompleteExample 2022-07-30T23:06:08Z logger.go:66:                           - role  = null
TestTerraformCompleteExample 2022-07-30T23:06:08Z logger.go:66:                           - type  = null
TestTerraformCompleteExample 2022-07-30T23:06:08Z logger.go:66:                           - user  = null
TestTerraformCompleteExample 2022-07-30T23:06:08Z logger.go:66:                         }
TestTerraformCompleteExample 2022-07-30T23:06:08Z logger.go:66:                       - seccompProfile      = {
TestTerraformCompleteExample 2022-07-30T23:06:08Z logger.go:66:                           - localhostProfile = null
TestTerraformCompleteExample 2022-07-30T23:06:08Z logger.go:66:                           - type             = null
TestTerraformCompleteExample 2022-07-30T23:06:08Z logger.go:66:                         }
TestTerraformCompleteExample 2022-07-30T23:06:08Z logger.go:66:                       - supplementalGroups  = null
TestTerraformCompleteExample 2022-07-30T23:06:08Z logger.go:66:                       - sysctls             = null
TestTerraformCompleteExample 2022-07-30T23:06:08Z logger.go:66:                       - windowsOptions      = {
TestTerraformCompleteExample 2022-07-30T23:06:08Z logger.go:66:                           - gmsaCredentialSpec     = null
TestTerraformCompleteExample 2022-07-30T23:06:08Z logger.go:66:                           - gmsaCredentialSpecName = null
TestTerraformCompleteExample 2022-07-30T23:06:08Z logger.go:66:                           - hostProcess            = null
TestTerraformCompleteExample 2022-07-30T23:06:08Z logger.go:66:                           - runAsUserName          = null
TestTerraformCompleteExample 2022-07-30T23:06:08Z logger.go:66:                         }
TestTerraformCompleteExample 2022-07-30T23:06:08Z logger.go:66:                     }
TestTerraformCompleteExample 2022-07-30T23:06:08Z logger.go:66:                   - priorityClassName             = null
TestTerraformCompleteExample 2022-07-30T23:06:08Z logger.go:66:                   - probe                         = {
TestTerraformCompleteExample 2022-07-30T23:06:08Z logger.go:66:                       - liveness  = {
TestTerraformCompleteExample 2022-07-30T23:06:08Z logger.go:66:                           - failureThreshold    = null
TestTerraformCompleteExample 2022-07-30T23:06:08Z logger.go:66:                           - initialDelaySeconds = null
TestTerraformCompleteExample 2022-07-30T23:06:08Z logger.go:66:                           - periodSeconds       = null
TestTerraformCompleteExample 2022-07-30T23:06:08Z logger.go:66:                           - successThreshold    = null
TestTerraformCompleteExample 2022-07-30T23:06:08Z logger.go:66:                           - timeoutSeconds      = null
TestTerraformCompleteExample 2022-07-30T23:06:08Z logger.go:66:                         }
TestTerraformCompleteExample 2022-07-30T23:06:08Z logger.go:66:                       - readiness = {
TestTerraformCompleteExample 2022-07-30T23:06:08Z logger.go:66:                           - failureThreshold    = null
TestTerraformCompleteExample 2022-07-30T23:06:08Z logger.go:66:                           - initialDelaySeconds = null
TestTerraformCompleteExample 2022-07-30T23:06:08Z logger.go:66:                           - periodSeconds       = null
TestTerraformCompleteExample 2022-07-30T23:06:08Z logger.go:66:                           - successThreshold    = null
TestTerraformCompleteExample 2022-07-30T23:06:08Z logger.go:66:                           - timeoutSeconds      = null
TestTerraformCompleteExample 2022-07-30T23:06:08Z logger.go:66:                         }
TestTerraformCompleteExample 2022-07-30T23:06:08Z logger.go:66:                     }
TestTerraformCompleteExample 2022-07-30T23:06:08Z logger.go:66:                   - resources                     = {
TestTerraformCompleteExample 2022-07-30T23:06:08Z logger.go:66:                       - limits   = null
TestTerraformCompleteExample 2022-07-30T23:06:08Z logger.go:66:                       - requests = null
TestTerraformCompleteExample 2022-07-30T23:06:08Z logger.go:66:                     }
TestTerraformCompleteExample 2022-07-30T23:06:08Z logger.go:66:                   - securityContext               = {
TestTerraformCompleteExample 2022-07-30T23:06:08Z logger.go:66:                       - allowPrivilegeEscalation = null
TestTerraformCompleteExample 2022-07-30T23:06:08Z logger.go:66:                       - capabilities             = {
TestTerraformCompleteExample 2022-07-30T23:06:08Z logger.go:66:                           - add  = null
TestTerraformCompleteExample 2022-07-30T23:06:08Z logger.go:66:                           - drop = null
TestTerraformCompleteExample 2022-07-30T23:06:08Z logger.go:66:                         }
TestTerraformCompleteExample 2022-07-30T23:06:08Z logger.go:66:                       - privileged               = null
TestTerraformCompleteExample 2022-07-30T23:06:08Z logger.go:66:                       - procMount                = null
TestTerraformCompleteExample 2022-07-30T23:06:08Z logger.go:66:                       - readOnlyRootFilesystem   = null
TestTerraformCompleteExample 2022-07-30T23:06:08Z logger.go:66:                       - runAsGroup               = null
TestTerraformCompleteExample 2022-07-30T23:06:08Z logger.go:66:                       - runAsNonRoot             = null
TestTerraformCompleteExample 2022-07-30T23:06:08Z logger.go:66:                       - runAsUser                = null
TestTerraformCompleteExample 2022-07-30T23:06:08Z logger.go:66:                       - seLinuxOptions           = {
TestTerraformCompleteExample 2022-07-30T23:06:08Z logger.go:66:                           - level = null
TestTerraformCompleteExample 2022-07-30T23:06:08Z logger.go:66:                           - role  = null
TestTerraformCompleteExample 2022-07-30T23:06:08Z logger.go:66:                           - type  = null
TestTerraformCompleteExample 2022-07-30T23:06:08Z logger.go:66:                           - user  = null
TestTerraformCompleteExample 2022-07-30T23:06:08Z logger.go:66:                         }
TestTerraformCompleteExample 2022-07-30T23:06:08Z logger.go:66:                       - seccompProfile           = {
TestTerraformCompleteExample 2022-07-30T23:06:08Z logger.go:66:                           - localhostProfile = null
TestTerraformCompleteExample 2022-07-30T23:06:08Z logger.go:66:                           - type             = null
TestTerraformCompleteExample 2022-07-30T23:06:08Z logger.go:66:                         }
TestTerraformCompleteExample 2022-07-30T23:06:08Z logger.go:66:                       - windowsOptions           = {
TestTerraformCompleteExample 2022-07-30T23:06:08Z logger.go:66:                           - gmsaCredentialSpec     = null
TestTerraformCompleteExample 2022-07-30T23:06:08Z logger.go:66:                           - gmsaCredentialSpecName = null
TestTerraformCompleteExample 2022-07-30T23:06:08Z logger.go:66:                           - hostProcess            = null
TestTerraformCompleteExample 2022-07-30T23:06:08Z logger.go:66:                           - runAsUserName          = null
TestTerraformCompleteExample 2022-07-30T23:06:08Z logger.go:66:                         }
TestTerraformCompleteExample 2022-07-30T23:06:08Z logger.go:66:                     }
TestTerraformCompleteExample 2022-07-30T23:06:08Z logger.go:66:                   - serviceAccountName            = null
TestTerraformCompleteExample 2022-07-30T23:06:08Z logger.go:66:                   - terminationGracePeriodSeconds = null
TestTerraformCompleteExample 2022-07-30T23:06:08Z logger.go:66:                   - tolerations                   = null
TestTerraformCompleteExample 2022-07-30T23:06:08Z logger.go:66:                   - topologySpreadConstraints     = null
TestTerraformCompleteExample 2022-07-30T23:06:08Z logger.go:66:                 }
TestTerraformCompleteExample 2022-07-30T23:06:08Z logger.go:66:               - replicas           = 3
TestTerraformCompleteExample 2022-07-30T23:06:08Z logger.go:66:               - storageClass       = {
TestTerraformCompleteExample 2022-07-30T23:06:08Z logger.go:66:                   - name = null
TestTerraformCompleteExample 2022-07-30T23:06:08Z logger.go:66:                 }
TestTerraformCompleteExample 2022-07-30T23:06:08Z logger.go:66:               - tls                = {
TestTerraformCompleteExample 2022-07-30T23:06:08Z logger.go:66:                   - autoGeneratedCerts       = null
TestTerraformCompleteExample 2022-07-30T23:06:08Z logger.go:66:                   - directoryPathInContainer = null
TestTerraformCompleteExample 2022-07-30T23:06:08Z logger.go:66:                   - ignoreTrustStoreConfig   = null
TestTerraformCompleteExample 2022-07-30T23:06:08Z logger.go:66:                   - jksPassword              = {
TestTerraformCompleteExample 2022-07-30T23:06:08Z logger.go:66:                       - secretRef = null
TestTerraformCompleteExample 2022-07-30T23:06:08Z logger.go:66:                     }
TestTerraformCompleteExample 2022-07-30T23:06:08Z logger.go:66:                   - secretRef                = null
TestTerraformCompleteExample 2022-07-30T23:06:08Z logger.go:66:                 }
TestTerraformCompleteExample 2022-07-30T23:06:08Z logger.go:66:             }
TestTerraformCompleteExample 2022-07-30T23:06:08Z logger.go:66:         } -> null
TestTerraformCompleteExample 2022-07-30T23:06:08Z logger.go:66:
TestTerraformCompleteExample 2022-07-30T23:06:08Z logger.go:66:       - timeouts {
TestTerraformCompleteExample 2022-07-30T23:06:08Z logger.go:66:           - create = "1h" -> null
TestTerraformCompleteExample 2022-07-30T23:06:08Z logger.go:66:           - delete = "10m" -> null
TestTerraformCompleteExample 2022-07-30T23:06:08Z logger.go:66:           - update = "1h" -> null
TestTerraformCompleteExample 2022-07-30T23:06:08Z logger.go:66:         }
TestTerraformCompleteExample 2022-07-30T23:06:08Z logger.go:66:
TestTerraformCompleteExample 2022-07-30T23:06:08Z logger.go:66:       - wait {
TestTerraformCompleteExample 2022-07-30T23:06:08Z logger.go:66:           - fields = {
TestTerraformCompleteExample 2022-07-30T23:06:08Z logger.go:66:               - "status.phase" = "RUNNING"
TestTerraformCompleteExample 2022-07-30T23:06:08Z logger.go:66:             } -> null
TestTerraformCompleteExample 2022-07-30T23:06:08Z logger.go:66:         }
TestTerraformCompleteExample 2022-07-30T23:06:08Z logger.go:66:     }
TestTerraformCompleteExample 2022-07-30T23:06:08Z logger.go:66:
TestTerraformCompleteExample 2022-07-30T23:06:08Z logger.go:66:   # module.confluent_platform.module.confluent_operator[0].helm_release.confluent_operator[0] will be destroyed
TestTerraformCompleteExample 2022-07-30T23:06:08Z logger.go:66:   - resource "helm_release" "confluent_operator" {
TestTerraformCompleteExample 2022-07-30T23:06:08Z logger.go:66:       - atomic                     = false -> null
TestTerraformCompleteExample 2022-07-30T23:06:08Z logger.go:66:       - chart                      = "confluent-for-kubernetes" -> null
TestTerraformCompleteExample 2022-07-30T23:06:08Z logger.go:66:       - cleanup_on_fail            = false -> null
TestTerraformCompleteExample 2022-07-30T23:06:08Z logger.go:66:       - create_namespace           = false -> null
TestTerraformCompleteExample 2022-07-30T23:06:08Z logger.go:66:       - dependency_update          = false -> null
TestTerraformCompleteExample 2022-07-30T23:06:08Z logger.go:66:       - disable_crd_hooks          = false -> null
TestTerraformCompleteExample 2022-07-30T23:06:08Z logger.go:66:       - disable_openapi_validation = false -> null
TestTerraformCompleteExample 2022-07-30T23:06:08Z logger.go:66:       - disable_webhooks           = false -> null
TestTerraformCompleteExample 2022-07-30T23:06:08Z logger.go:66:       - force_update               = false -> null
TestTerraformCompleteExample 2022-07-30T23:06:08Z logger.go:66:       - id                         = "confluent-operator" -> null
TestTerraformCompleteExample 2022-07-30T23:06:08Z logger.go:66:       - lint                       = false -> null
TestTerraformCompleteExample 2022-07-30T23:06:08Z logger.go:66:       - max_history                = 0 -> null
TestTerraformCompleteExample 2022-07-30T23:06:08Z logger.go:66:       - metadata                   = [
TestTerraformCompleteExample 2022-07-30T23:06:08Z logger.go:66:           - {
TestTerraformCompleteExample 2022-07-30T23:06:08Z logger.go:66:               - app_version = "2.4.0"
TestTerraformCompleteExample 2022-07-30T23:06:08Z logger.go:66:               - chart       = "confluent-for-kubernetes"
TestTerraformCompleteExample 2022-07-30T23:06:08Z logger.go:66:               - name        = "confluent-operator"
TestTerraformCompleteExample 2022-07-30T23:06:08Z logger.go:66:               - namespace   = "confluent"
TestTerraformCompleteExample 2022-07-30T23:06:08Z logger.go:66:               - revision    = 1
TestTerraformCompleteExample 2022-07-30T23:06:08Z logger.go:66:               - values      = "null"
TestTerraformCompleteExample 2022-07-30T23:06:08Z logger.go:66:               - version     = "0.517.12"
TestTerraformCompleteExample 2022-07-30T23:06:08Z logger.go:66:             },
TestTerraformCompleteExample 2022-07-30T23:06:08Z logger.go:66:         ] -> null
TestTerraformCompleteExample 2022-07-30T23:06:08Z logger.go:66:       - name                       = "confluent-operator" -> null
TestTerraformCompleteExample 2022-07-30T23:06:08Z logger.go:66:       - namespace                  = "confluent" -> null
TestTerraformCompleteExample 2022-07-30T23:06:08Z logger.go:66:       - pass_credentials           = false -> null
TestTerraformCompleteExample 2022-07-30T23:06:08Z logger.go:66:       - recreate_pods              = false -> null
TestTerraformCompleteExample 2022-07-30T23:06:08Z logger.go:66:       - render_subchart_notes      = true -> null
TestTerraformCompleteExample 2022-07-30T23:06:08Z logger.go:66:       - replace                    = false -> null
TestTerraformCompleteExample 2022-07-30T23:06:08Z logger.go:66:       - repository                 = "https://packages.confluent.io/helm" -> null
TestTerraformCompleteExample 2022-07-30T23:06:08Z logger.go:66:       - reset_values               = false -> null
TestTerraformCompleteExample 2022-07-30T23:06:08Z logger.go:66:       - reuse_values               = false -> null
TestTerraformCompleteExample 2022-07-30T23:06:08Z logger.go:66:       - skip_crds                  = false -> null
TestTerraformCompleteExample 2022-07-30T23:06:08Z logger.go:66:       - status                     = "deployed" -> null
TestTerraformCompleteExample 2022-07-30T23:06:08Z logger.go:66:       - timeout                    = 300 -> null
TestTerraformCompleteExample 2022-07-30T23:06:08Z logger.go:66:       - values                     = [] -> null
TestTerraformCompleteExample 2022-07-30T23:06:08Z logger.go:66:       - verify                     = false -> null
TestTerraformCompleteExample 2022-07-30T23:06:08Z logger.go:66:       - version                    = "0.517.12" -> null
TestTerraformCompleteExample 2022-07-30T23:06:08Z logger.go:66:       - wait                       = true -> null
TestTerraformCompleteExample 2022-07-30T23:06:08Z logger.go:66:       - wait_for_jobs              = true -> null
TestTerraformCompleteExample 2022-07-30T23:06:08Z logger.go:66:     }
TestTerraformCompleteExample 2022-07-30T23:06:08Z logger.go:66:
TestTerraformCompleteExample 2022-07-30T23:06:08Z logger.go:66:   # module.confluent_platform.module.confluent_operator[0].kubernetes_namespace_v1.namespace[0] will be destroyed
TestTerraformCompleteExample 2022-07-30T23:06:08Z logger.go:66:   - resource "kubernetes_namespace_v1" "namespace" {
TestTerraformCompleteExample 2022-07-30T23:06:08Z logger.go:66:       - id = "confluent" -> null
TestTerraformCompleteExample 2022-07-30T23:06:08Z logger.go:66:
TestTerraformCompleteExample 2022-07-30T23:06:08Z logger.go:66:       - metadata {
TestTerraformCompleteExample 2022-07-30T23:06:08Z logger.go:66:           - annotations      = {} -> null
TestTerraformCompleteExample 2022-07-30T23:06:08Z logger.go:66:           - generation       = 0 -> null
TestTerraformCompleteExample 2022-07-30T23:06:08Z logger.go:66:           - labels           = {} -> null
TestTerraformCompleteExample 2022-07-30T23:06:08Z logger.go:66:           - name             = "confluent" -> null
TestTerraformCompleteExample 2022-07-30T23:06:08Z logger.go:66:           - resource_version = "28528" -> null
TestTerraformCompleteExample 2022-07-30T23:06:08Z logger.go:66:           - uid              = "913e9067-c540-48e2-adcb-b2323a334a51" -> null
TestTerraformCompleteExample 2022-07-30T23:06:08Z logger.go:66:         }
TestTerraformCompleteExample 2022-07-30T23:06:08Z logger.go:66:     }
TestTerraformCompleteExample 2022-07-30T23:06:08Z logger.go:66:
TestTerraformCompleteExample 2022-07-30T23:06:08Z logger.go:66: Plan: 0 to add, 0 to change, 9 to destroy.
TestTerraformCompleteExample 2022-07-30T23:06:08Z logger.go:66:
TestTerraformCompleteExample 2022-07-30T23:06:08Z logger.go:66: Changes to Outputs:
TestTerraformCompleteExample 2022-07-30T23:06:08Z logger.go:66:   - confluent_operator = [
TestTerraformCompleteExample 2022-07-30T23:06:08Z logger.go:66:       - {
TestTerraformCompleteExample 2022-07-30T23:06:08Z logger.go:66:           - app_version   = "2.4.0"
TestTerraformCompleteExample 2022-07-30T23:06:08Z logger.go:66:           - chart_version = "0.517.12"
TestTerraformCompleteExample 2022-07-30T23:06:08Z logger.go:66:           - namespace     = "confluent"
TestTerraformCompleteExample 2022-07-30T23:06:08Z logger.go:66:         },
TestTerraformCompleteExample 2022-07-30T23:06:08Z logger.go:66:     ] -> null
TestTerraformCompleteExample 2022-07-30T23:06:08Z logger.go:66:   - kafka              = {
TestTerraformCompleteExample 2022-07-30T23:06:08Z logger.go:66:       - apiVersion = "platform.confluent.io/v1beta1"
TestTerraformCompleteExample 2022-07-30T23:06:08Z logger.go:66:       - kind       = "Kafka"
TestTerraformCompleteExample 2022-07-30T23:06:08Z logger.go:66:       - metadata   = {
TestTerraformCompleteExample 2022-07-30T23:06:08Z logger.go:66:           - name      = "kafka"
TestTerraformCompleteExample 2022-07-30T23:06:08Z logger.go:66:           - namespace = "confluent"
TestTerraformCompleteExample 2022-07-30T23:06:08Z logger.go:66:         }
TestTerraformCompleteExample 2022-07-30T23:06:08Z logger.go:66:       - spec       = {
TestTerraformCompleteExample 2022-07-30T23:06:08Z logger.go:66:           - dataVolumeCapacity = "10Gi"
TestTerraformCompleteExample 2022-07-30T23:06:08Z logger.go:66:           - image              = {
TestTerraformCompleteExample 2022-07-30T23:06:08Z logger.go:66:               - application = "confluentinc/cp-server:7.2.0"
TestTerraformCompleteExample 2022-07-30T23:06:08Z logger.go:66:               - init        = "confluentinc/confluent-init-container:2.4.0"
TestTerraformCompleteExample 2022-07-30T23:06:08Z logger.go:66:             }
TestTerraformCompleteExample 2022-07-30T23:06:08Z logger.go:66:           - metricReporter     = {
TestTerraformCompleteExample 2022-07-30T23:06:08Z logger.go:66:               - enabled = true
TestTerraformCompleteExample 2022-07-30T23:06:08Z logger.go:66:             }
TestTerraformCompleteExample 2022-07-30T23:06:08Z logger.go:66:           - replicas           = 3
TestTerraformCompleteExample 2022-07-30T23:06:08Z logger.go:66:         }
TestTerraformCompleteExample 2022-07-30T23:06:08Z logger.go:66:     } -> null
TestTerraformCompleteExample 2022-07-30T23:06:08Z logger.go:66:   - namespace          = "confluent" -> null
TestTerraformCompleteExample 2022-07-30T23:06:08Z logger.go:66:   - zookeeper          = {
TestTerraformCompleteExample 2022-07-30T23:06:08Z logger.go:66:       - apiVersion = "platform.confluent.io/v1beta1"
TestTerraformCompleteExample 2022-07-30T23:06:08Z logger.go:66:       - kind       = "Zookeeper"
TestTerraformCompleteExample 2022-07-30T23:06:08Z logger.go:66:       - metadata   = {
TestTerraformCompleteExample 2022-07-30T23:06:08Z logger.go:66:           - name      = "zookeeper"
TestTerraformCompleteExample 2022-07-30T23:06:08Z logger.go:66:           - namespace = "confluent"
TestTerraformCompleteExample 2022-07-30T23:06:08Z logger.go:66:         }
TestTerraformCompleteExample 2022-07-30T23:06:08Z logger.go:66:       - spec       = {
TestTerraformCompleteExample 2022-07-30T23:06:08Z logger.go:66:           - dataVolumeCapacity = "10Gi"
TestTerraformCompleteExample 2022-07-30T23:06:08Z logger.go:66:           - image              = {
TestTerraformCompleteExample 2022-07-30T23:06:08Z logger.go:66:               - application = "confluentinc/cp-zookeeper:7.2.0"
TestTerraformCompleteExample 2022-07-30T23:06:08Z logger.go:66:               - init        = "confluentinc/confluent-init-container:2.4.0"
TestTerraformCompleteExample 2022-07-30T23:06:08Z logger.go:66:             }
TestTerraformCompleteExample 2022-07-30T23:06:08Z logger.go:66:           - logVolumeCapacity  = "10Gi"
TestTerraformCompleteExample 2022-07-30T23:06:08Z logger.go:66:           - replicas           = 3
TestTerraformCompleteExample 2022-07-30T23:06:08Z logger.go:66:         }
TestTerraformCompleteExample 2022-07-30T23:06:08Z logger.go:66:     } -> null
TestTerraformCompleteExample 2022-07-30T23:06:15Z logger.go:66: module.confluent_platform.kubernetes_manifest.component["zookeeper"]: Destroying...
TestTerraformCompleteExample 2022-07-30T23:06:16Z logger.go:66: module.confluent_platform.kubernetes_manifest.component["zookeeper"]: Destruction complete after 1s
TestTerraformCompleteExample 2022-07-30T23:06:17Z logger.go:66: module.confluent_platform.kubernetes_manifest.component["schemaregistry"]: Destroying...
TestTerraformCompleteExample 2022-07-30T23:06:18Z logger.go:66: module.confluent_platform.kubernetes_manifest.component["kafkarestproxy"]: Destroying...
TestTerraformCompleteExample 2022-07-30T23:06:18Z logger.go:66: module.confluent_platform.kubernetes_manifest.component["ksqldb"]: Destroying...
TestTerraformCompleteExample 2022-07-30T23:06:19Z logger.go:66: module.confluent_platform.kubernetes_manifest.component["controlcenter"]: Destroying...
TestTerraformCompleteExample 2022-07-30T23:06:19Z logger.go:66: module.confluent_platform.kubernetes_manifest.component["connect"]: Destroying...
TestTerraformCompleteExample 2022-07-30T23:06:21Z logger.go:66: module.confluent_platform.kubernetes_manifest.component["kafka"]: Destroying...
TestTerraformCompleteExample 2022-07-30T23:06:26Z logger.go:66: module.confluent_platform.kubernetes_manifest.component["schemaregistry"]: Destruction complete after 10s
TestTerraformCompleteExample 2022-07-30T23:06:27Z logger.go:66: module.confluent_platform.kubernetes_manifest.component["kafkarestproxy"]: Destruction complete after 10s
TestTerraformCompleteExample 2022-07-30T23:06:28Z logger.go:66: module.confluent_platform.kubernetes_manifest.component["controlcenter"]: Destruction complete after 8s
TestTerraformCompleteExample 2022-07-30T23:06:28Z logger.go:66: module.confluent_platform.kubernetes_manifest.component["ksqldb"]: Still destroying... [10s elapsed]
TestTerraformCompleteExample 2022-07-30T23:06:28Z logger.go:66: module.confluent_platform.kubernetes_manifest.component["kafka"]: Destruction complete after 6s
TestTerraformCompleteExample 2022-07-30T23:06:28Z logger.go:66: module.confluent_platform.kubernetes_manifest.component["connect"]: Destruction complete after 9s
TestTerraformCompleteExample 2022-07-30T23:06:28Z logger.go:66: module.confluent_platform.kubernetes_manifest.component["ksqldb"]: Destruction complete after 11s
TestTerraformCompleteExample 2022-07-30T23:06:29Z logger.go:66: module.confluent_platform.module.confluent_operator[0].helm_release.confluent_operator[0]: Destroying... [id=confluent-operator]
TestTerraformCompleteExample 2022-07-30T23:06:39Z logger.go:66: module.confluent_platform.module.confluent_operator[0].helm_release.confluent_operator[0]: Still destroying... [id=confluent-operator, 10s elapsed]
TestTerraformCompleteExample 2022-07-30T23:06:49Z logger.go:66: module.confluent_platform.module.confluent_operator[0].helm_release.confluent_operator[0]: Still destroying... [id=confluent-operator, 20s elapsed]
TestTerraformCompleteExample 2022-07-30T23:06:56Z logger.go:66: module.confluent_platform.module.confluent_operator[0].helm_release.confluent_operator[0]: Destruction complete after 28s
TestTerraformCompleteExample 2022-07-30T23:06:57Z logger.go:66: module.confluent_platform.module.confluent_operator[0].kubernetes_namespace_v1.namespace[0]: Destroying... [id=confluent]
TestTerraformCompleteExample 2022-07-30T23:07:07Z logger.go:66: module.confluent_platform.module.confluent_operator[0].kubernetes_namespace_v1.namespace[0]: Still destroying... [id=confluent, 10s elapsed]
TestTerraformCompleteExample 2022-07-30T23:07:17Z logger.go:66: module.confluent_platform.module.confluent_operator[0].kubernetes_namespace_v1.namespace[0]: Still destroying... [id=confluent, 21s elapsed]
TestTerraformCompleteExample 2022-07-30T23:07:28Z logger.go:66: module.confluent_platform.module.confluent_operator[0].kubernetes_namespace_v1.namespace[0]: Still destroying... [id=confluent, 31s elapsed]
TestTerraformCompleteExample 2022-07-30T23:07:38Z logger.go:66: module.confluent_platform.module.confluent_operator[0].kubernetes_namespace_v1.namespace[0]: Still destroying... [id=confluent, 41s elapsed]
TestTerraformCompleteExample 2022-07-30T23:07:48Z logger.go:66: module.confluent_platform.module.confluent_operator[0].kubernetes_namespace_v1.namespace[0]: Still destroying... [id=confluent, 51s elapsed]
TestTerraformCompleteExample 2022-07-30T23:07:58Z logger.go:66: module.confluent_platform.module.confluent_operator[0].kubernetes_namespace_v1.namespace[0]: Still destroying... [id=confluent, 1m1s elapsed]
TestTerraformCompleteExample 2022-07-30T23:08:09Z logger.go:66: module.confluent_platform.module.confluent_operator[0].kubernetes_namespace_v1.namespace[0]: Still destroying... [id=confluent, 1m11s elapsed]
TestTerraformCompleteExample 2022-07-30T23:08:18Z logger.go:66: module.confluent_platform.module.confluent_operator[0].kubernetes_namespace_v1.namespace[0]: Still destroying... [id=confluent, 1m21s elapsed]
TestTerraformCompleteExample 2022-07-30T23:08:27Z logger.go:66: module.confluent_platform.module.confluent_operator[0].kubernetes_namespace_v1.namespace[0]: Destruction complete after 1m31s
TestTerraformCompleteExample 2022-07-30T23:08:27Z logger.go:66:
TestTerraformCompleteExample 2022-07-30T23:08:27Z logger.go:66: Destroy complete! Resources: 9 destroyed.
--- PASS: TestTerraformCompleteExample (728.53s)
PASS
ok  	command-line-arguments	728.631s
